{"format_version":"0.2","provider_schemas":{"registry.terraform.io/bingtsingw/qiniu":{"provider":{"version":0,"block":{"attributes":{"access_key":{"type":"string","description_kind":"plain","optional":true},"secret_key":{"type":"string","description_kind":"plain","optional":true}},"description_kind":"plain"}},"resource_schemas":{"qiniu_cdn_domain":{"version":0,"block":{"attributes":{"cname":{"type":"string","description_kind":"plain","computed":true},"geo_cover":{"type":"string","description_kind":"plain","required":true},"id":{"type":"string","description_kind":"plain","optional":true,"computed":true},"name":{"type":"string","description_kind":"plain","required":true},"platform":{"type":"string","description_kind":"plain","required":true},"protocol":{"type":"string","description_kind":"plain","required":true},"type":{"type":"string","description_kind":"plain","required":true}},"block_types":{"cache":{"nesting_mode":"set","block":{"attributes":{"ignore_param":{"type":"bool","description_kind":"plain","required":true}},"block_types":{"controls":{"nesting_mode":"set","block":{"attributes":{"rule":{"type":"string","description_kind":"plain","required":true},"time":{"type":"number","description_kind":"plain","required":true},"timeunit":{"type":"number","description_kind":"plain","required":true},"type":{"type":"string","description_kind":"plain","required":true}},"description_kind":"plain"},"min_items":1}},"description_kind":"plain"},"max_items":1},"https":{"nesting_mode":"set","block":{"attributes":{"cert_id":{"type":"string","description_kind":"plain","required":true},"force":{"type":"bool","description_kind":"plain","required":true},"http2":{"type":"bool","description_kind":"plain","required":true}},"description_kind":"plain"},"max_items":1},"source":{"nesting_mode":"set","block":{"attributes":{"domain":{"type":"string","description_kind":"plain","optional":true},"ips":{"type":["list","string"],"description_kind":"plain","optional":true},"qiniu_bucket":{"type":"string","description_kind":"plain","optional":true},"test_url_path":{"type":"string","description_kind":"plain","optional":true},"type":{"type":"string","description_kind":"plain","required":true},"url_scheme":{"type":"string","description_kind":"plain","optional":true}},"description_kind":"plain"},"min_items":1,"max_items":1},"timeouts":{"nesting_mode":"single","block":{"attributes":{"create":{"type":"string","description_kind":"plain","optional":true},"delete":{"type":"string","description_kind":"plain","optional":true},"update":{"type":"string","description_kind":"plain","optional":true}},"description_kind":"plain"}}},"description_kind":"plain"}},"qiniu_ssl_cert":{"version":0,"block":{"attributes":{"ca":{"type":"string","description_kind":"plain","required":true,"sensitive":true},"common_name":{"type":"string","description_kind":"plain","optional":true,"computed":true},"dns_names":{"type":["list","string"],"description_kind":"plain","optional":true,"computed":true},"id":{"type":"string","description_kind":"plain","optional":true,"computed":true},"name":{"type":"string","description_kind":"plain","required":true},"pri":{"type":"string","description_kind":"plain","required":true,"sensitive":true}},"description_kind":"plain"}}},"data_source_schemas":{"qiniu_kodo_buckets":{"version":0,"block":{"attributes":{"buckets":{"type":["list",["object",{"index_page_on":"bool","max_age":"number","name":"string","private":"bool","region_id":"string"}]],"description_kind":"plain","computed":true},"id":{"type":"string","description_kind":"plain","optional":true,"computed":true},"region_id":{"type":"string","description_kind":"plain","required":true}},"description_kind":"plain"}}}}}}
