{"format_version":"0.2","provider_schemas":{"registry.terraform.io/binxio/google-secrets":{"provider":{"version":0,"block":{"attributes":{"access_token":{"type":"string","description_kind":"plain","optional":true},"credentials":{"type":"string","description_kind":"plain","optional":true},"project":{"type":"string","description_kind":"plain","optional":true},"region":{"type":"string","description_kind":"plain","optional":true},"scopes":{"type":["list","string"],"description_kind":"plain","optional":true},"secretmanager_custom_endpoint":{"type":"string","description_kind":"plain","optional":true},"user_project_override":{"type":"bool","description_kind":"plain","optional":true},"zone":{"type":"string","description_kind":"plain","optional":true}},"description_kind":"plain"}},"resource_schemas":{"google_secret_manager_generated_password":{"version":0,"block":{"attributes":{"alphabet":{"type":"string","description_kind":"plain","optional":true},"delete_on_destroy":{"type":"bool","description_kind":"plain","optional":true},"id":{"type":"string","description_kind":"plain","optional":true,"computed":true},"length":{"type":"number","description_kind":"plain","optional":true},"logical_version":{"type":"string","description_kind":"plain","optional":true},"return_secret":{"type":"bool","description_kind":"plain","optional":true},"secret":{"type":"string","description_kind":"plain","required":true},"value":{"type":"string","description_kind":"plain","computed":true,"sensitive":true}},"block_types":{"required":{"nesting_mode":"list","block":{"attributes":{"alphabet":{"type":"string","description_kind":"plain","required":true},"count":{"type":"number","description_kind":"plain","optional":true}},"description_kind":"plain"}}},"description_kind":"plain"}},"google_secret_manager_generated_rsa_key":{"version":0,"block":{"attributes":{"delete_on_destroy":{"type":"bool","description":"to force deletion of the secret version","description_kind":"plain","optional":true},"id":{"type":"string","description_kind":"plain","optional":true,"computed":true},"logical_version":{"type":"string","description":"to force an update of the key","description_kind":"plain","optional":true},"public_key":{"type":"string","description":"the public key in PEM format","description_kind":"plain","computed":true},"public_key_ssh":{"type":"string","description":"the public key in SSH format","description_kind":"plain","computed":true},"return_secret":{"type":"bool","description":"in `value` if you need it","description_kind":"plain","optional":true},"secret":{"type":"string","description":"to store the private key in","description_kind":"plain","required":true},"size":{"type":"number","description":"of the RSA key, defaults to 4096","description_kind":"plain","optional":true},"value":{"type":"string","description":"the private key in PEM format","description_kind":"plain","computed":true,"sensitive":true}},"description_kind":"plain"}}}}}}
