{"format_version":"0.2","provider_schemas":{"registry.terraform.io/bizflycloud/bizflycloud":{"provider":{"version":0,"block":{"attributes":{"api_endpoint":{"type":"string","description":"The URL use for the BizFly Cloud API","description_kind":"plain","optional":true},"application_credential_id":{"type":"string","description":"Application credential ID for authenticate use application_credential","description_kind":"plain","optional":true},"application_credential_secret":{"type":"string","description":"Application credential secret for authenticate use application_credential","description_kind":"plain","optional":true},"auth_method":{"type":"string","description":"Authentication method for BizFly Cloud API","description_kind":"plain","optional":true},"email":{"type":"string","description":"Email to authenticate","description_kind":"plain","optional":true},"password":{"type":"string","description":"Password for email with auth_method password","description_kind":"plain","optional":true},"region_name":{"type":"string","description":"BizFly Cloud Region Name. Default is HN","description_kind":"plain","optional":true}},"description_kind":"plain"}},"resource_schemas":{"bizflycloud_autoscaling_group":{"version":0,"block":{"attributes":{"desired_capacity":{"type":"number","description_kind":"plain","required":true},"id":{"type":"string","description_kind":"plain","optional":true,"computed":true},"launch_configuration_id":{"type":"string","description_kind":"plain","required":true},"launch_configuration_name":{"type":"string","description_kind":"plain","computed":true},"launch_configuration_only":{"type":"bool","description_kind":"plain","optional":true},"max_size":{"type":"number","description_kind":"plain","required":true},"min_size":{"type":"number","description_kind":"plain","required":true},"name":{"type":"string","description_kind":"plain","required":true},"node_ids":{"type":["set","string"],"description_kind":"plain","computed":true},"scale_in_info":{"type":["list",["object",{"cooldown":"number","metric_type":"string","range_time":"number","scale_size":"number","threshold":"number"}]],"description_kind":"plain","computed":true},"scale_out_info":{"type":["list",["object",{"cooldown":"number","metric_type":"string","range_time":"number","scale_size":"number","threshold":"number"}]],"description_kind":"plain","computed":true},"status":{"type":"string","description_kind":"plain","computed":true},"task_id":{"type":"string","description_kind":"plain","computed":true}},"block_types":{"load_balancers":{"nesting_mode":"list","block":{"attributes":{"load_balancer_id":{"type":"string","description_kind":"plain","required":true},"server_group_id":{"type":"string","description_kind":"plain","required":true},"server_group_port":{"type":"number","description_kind":"plain","required":true}},"description_kind":"plain"},"max_items":1},"timeouts":{"nesting_mode":"single","block":{"attributes":{"delete":{"type":"string","description_kind":"plain","optional":true}},"description_kind":"plain"}}},"description_kind":"plain"}},"bizflycloud_autoscaling_launch_configuration":{"version":0,"block":{"attributes":{"availability_zone":{"type":"string","description_kind":"plain","required":true},"flavor":{"type":"string","description_kind":"plain","required":true},"id":{"type":"string","description_kind":"plain","optional":true,"computed":true},"instance_type":{"type":"string","description_kind":"plain","required":true},"name":{"type":"string","description_kind":"plain","required":true},"network_plan":{"type":"string","description_kind":"plain","optional":true},"ssh_key":{"type":"string","description_kind":"plain","required":true},"status":{"type":"string","description_kind":"plain","computed":true},"user_data":{"type":"string","description_kind":"plain","optional":true}},"block_types":{"data_disks":{"nesting_mode":"list","block":{"attributes":{"delete_on_termination":{"type":"bool","description_kind":"plain","optional":true},"volume_size":{"type":"number","description_kind":"plain","required":true},"volume_type":{"type":"string","description_kind":"plain","required":true}},"description_kind":"plain"}},"networks":{"nesting_mode":"list","block":{"attributes":{"network_id":{"type":"string","description_kind":"plain","computed":true},"security_groups":{"type":["set","string"],"description_kind":"plain","computed":true}},"description_kind":"plain"}},"os":{"nesting_mode":"list","block":{"attributes":{"create_from":{"type":"string","description_kind":"plain","required":true},"error":{"type":"string","description_kind":"plain","computed":true},"os_name":{"type":"string","description_kind":"plain","computed":true},"uuid":{"type":"string","description_kind":"plain","required":true}},"description_kind":"plain"},"min_items":1,"max_items":1},"rootdisk":{"nesting_mode":"list","block":{"attributes":{"delete_on_termination":{"type":"bool","description_kind":"plain","optional":true},"volume_size":{"type":"number","description_kind":"plain","required":true},"volume_type":{"type":"string","description_kind":"plain","required":true}},"description_kind":"plain"},"min_items":1,"max_items":1},"timeouts":{"nesting_mode":"single","block":{"attributes":{"delete":{"type":"string","description_kind":"plain","optional":true}},"description_kind":"plain"}}},"description_kind":"plain"}},"bizflycloud_autoscaling_scalein_policy":{"version":0,"block":{"attributes":{"cluster_id":{"type":"string","description_kind":"plain","required":true},"cooldown":{"type":"number","description_kind":"plain","required":true},"id":{"type":"string","description_kind":"plain","optional":true,"computed":true},"metric_type":{"type":"string","description_kind":"plain","required":true},"range_time":{"type":"number","description_kind":"plain","required":true},"scale_size":{"type":"number","description_kind":"plain","optional":true},"task_id":{"type":"string","description_kind":"plain","computed":true},"threshold":{"type":"number","description_kind":"plain","required":true}},"block_types":{"timeouts":{"nesting_mode":"single","block":{"attributes":{"delete":{"type":"string","description_kind":"plain","optional":true}},"description_kind":"plain"}}},"description_kind":"plain"}},"bizflycloud_autoscaling_scaleout_policy":{"version":0,"block":{"attributes":{"cluster_id":{"type":"string","description_kind":"plain","required":true},"cooldown":{"type":"number","description_kind":"plain","required":true},"id":{"type":"string","description_kind":"plain","optional":true,"computed":true},"metric_type":{"type":"string","description_kind":"plain","required":true},"range_time":{"type":"number","description_kind":"plain","required":true},"scale_size":{"type":"number","description_kind":"plain","optional":true},"task_id":{"type":"string","description_kind":"plain","computed":true},"threshold":{"type":"number","description_kind":"plain","required":true}},"block_types":{"timeouts":{"nesting_mode":"single","block":{"attributes":{"delete":{"type":"string","description_kind":"plain","optional":true}},"description_kind":"plain"}}},"description_kind":"plain"}},"bizflycloud_firewall":{"version":0,"block":{"attributes":{"egress":{"type":["set",["object",{"cidr":"string","port_range":"string","protocol":"string"}]],"description_kind":"plain","optional":true,"computed":true},"id":{"type":"string","description_kind":"plain","optional":true,"computed":true},"ingress":{"type":["set",["object",{"cidr":"string","port_range":"string","protocol":"string"}]],"description_kind":"plain","optional":true,"computed":true},"name":{"type":"string","description_kind":"plain","required":true},"network_interface_count":{"type":"number","description_kind":"plain","computed":true},"network_interfaces":{"type":["set","string"],"description_kind":"plain","optional":true,"computed":true},"rules_count":{"type":"number","description_kind":"plain","computed":true},"servers_count":{"type":"number","description_kind":"plain","computed":true},"target_server_ids":{"type":["set","string"],"description_kind":"plain","optional":true,"computed":true}},"description_kind":"plain"}},"bizflycloud_kubernetes":{"version":1,"block":{"attributes":{"create_at":{"type":"string","description_kind":"plain","computed":true},"created_by":{"type":"string","description_kind":"plain","computed":true},"id":{"type":"string","description_kind":"plain","optional":true,"computed":true},"name":{"type":"string","description_kind":"plain","required":true},"tags":{"type":["list","string"],"description_kind":"plain","optional":true},"version":{"type":"string","description_kind":"plain","required":true},"vpc_network_id":{"type":"string","description_kind":"plain","required":true},"worker_pools_count":{"type":"number","description_kind":"plain","computed":true}},"block_types":{"worker_pools":{"nesting_mode":"list","block":{"attributes":{"availability_zone":{"type":"string","description_kind":"plain","required":true},"desired_size":{"type":"number","description_kind":"plain","required":true},"enable_autoscaling":{"type":"bool","description_kind":"plain","optional":true},"flavor":{"type":"string","description_kind":"plain","required":true},"max_size":{"type":"number","description_kind":"plain","optional":true},"min_size":{"type":"number","description_kind":"plain","optional":true},"name":{"type":"string","description_kind":"plain","required":true},"profile_type":{"type":"string","description_kind":"plain","required":true},"tags":{"type":["list","string"],"description_kind":"plain","optional":true},"volume_size":{"type":"number","description_kind":"plain","required":true},"volume_type":{"type":"string","description_kind":"plain","required":true}},"description_kind":"plain"},"min_items":1}},"description_kind":"plain"}},"bizflycloud_loadbalancer":{"version":0,"block":{"attributes":{"description":{"type":"string","description_kind":"plain","optional":true},"id":{"type":"string","description_kind":"plain","optional":true,"computed":true},"listeners":{"type":["set","string"],"description_kind":"plain","optional":true,"computed":true},"name":{"type":"string","description_kind":"plain","required":true},"network_type":{"type":"string","description_kind":"plain","optional":true},"operating_status":{"type":"string","description_kind":"plain","computed":true},"pools":{"type":["set","string"],"description_kind":"plain","optional":true,"computed":true},"provisioning_status":{"type":"string","description_kind":"plain","computed":true},"type":{"type":"string","description_kind":"plain","optional":true},"vip_address":{"type":"string","description_kind":"plain","computed":true}},"description_kind":"plain"}},"bizflycloud_loadbalancer_listener":{"version":0,"block":{"attributes":{"default_pool_id":{"type":"string","description_kind":"plain","required":true},"default_tls_ref":{"type":"string","description_kind":"plain","optional":true},"description":{"type":"string","description_kind":"plain","optional":true},"id":{"type":"string","description_kind":"plain","optional":true,"computed":true},"load_balancer_id":{"type":"string","description_kind":"plain","required":true},"name":{"type":"string","description_kind":"plain","required":true},"port":{"type":"number","description_kind":"plain","required":true},"protocol":{"type":"string","description_kind":"plain","required":true}},"description_kind":"plain"}},"bizflycloud_loadbalancer_pool":{"version":0,"block":{"attributes":{"algorithm":{"type":"string","description_kind":"plain","required":true},"description":{"type":"string","description_kind":"plain","optional":true},"id":{"type":"string","description_kind":"plain","optional":true,"computed":true},"load_balancer_id":{"type":"string","description_kind":"plain","required":true},"members":{"type":["set",["object",{"address":"string","backup":"bool","name":"string","protocol_port":"number","weight":"number"}]],"description_kind":"plain","optional":true,"computed":true},"name":{"type":"string","description_kind":"plain","required":true},"protocol":{"type":"string","description_kind":"plain","required":true}},"block_types":{"health_monitor":{"nesting_mode":"list","block":{"attributes":{"delay":{"type":"number","description_kind":"plain","optional":true},"expected_code":{"type":"string","description_kind":"plain","optional":true},"http_method":{"type":"string","description_kind":"plain","optional":true},"id":{"type":"string","description_kind":"plain","computed":true},"max_retries":{"type":"number","description_kind":"plain","optional":true},"max_retries_down":{"type":"number","description_kind":"plain","optional":true},"name":{"type":"string","description_kind":"plain","optional":true},"timeout":{"type":"number","description_kind":"plain","optional":true},"type":{"type":"string","description_kind":"plain","required":true},"url_path":{"type":"string","description_kind":"plain","optional":true}},"description_kind":"plain"},"max_items":1},"persistent":{"nesting_mode":"list","block":{"attributes":{"cookie_name":{"type":"string","description_kind":"plain","optional":true},"type":{"type":"string","description_kind":"plain","required":true}},"description_kind":"plain"},"max_items":1}},"description_kind":"plain"}},"bizflycloud_network_interface":{"version":1,"block":{"attributes":{"action":{"type":"string","description_kind":"plain","optional":true},"admin_state_up":{"type":"bool","description_kind":"plain","computed":true},"attached_server":{"type":"string","description_kind":"plain","optional":true},"created_at":{"type":"string","description_kind":"plain","computed":true},"device_id":{"type":"string","description_kind":"plain","computed":true},"fixed_ip":{"type":"string","description_kind":"plain","optional":true},"fixed_ips":{"type":["list",["object",{"ip_address":"string","subnet_id":"string"}]],"description_kind":"plain","computed":true},"id":{"type":"string","description_kind":"plain","optional":true,"computed":true},"mac_address":{"type":"string","description_kind":"plain","computed":true},"name":{"type":"string","description_kind":"plain","required":true},"network_id":{"type":"string","description_kind":"plain","required":true},"port_security_enabled":{"type":"bool","description_kind":"plain","computed":true},"security_groups":{"type":["list","string"],"description_kind":"plain","optional":true},"server_id":{"type":"string","description_kind":"plain","optional":true},"status":{"type":"string","description_kind":"plain","computed":true},"updated_at":{"type":"string","description_kind":"plain","computed":true}},"block_types":{"timeouts":{"nesting_mode":"single","block":{"attributes":{"read":{"type":"string","description_kind":"plain","optional":true}},"description_kind":"plain"}}},"description_kind":"plain"}},"bizflycloud_server":{"version":1,"block":{"attributes":{"availability_zone":{"type":"string","description_kind":"plain","required":true},"category":{"type":"string","description_kind":"plain","required":true},"created_at":{"type":"string","description_kind":"plain","computed":true},"flavor_name":{"type":"string","description_kind":"plain","required":true},"id":{"type":"string","description_kind":"plain","optional":true,"computed":true},"lan_ip":{"type":"string","description_kind":"plain","computed":true},"name":{"type":"string","description_kind":"plain","required":true},"os_id":{"type":"string","description_kind":"plain","required":true},"os_type":{"type":"string","description_kind":"plain","required":true},"password":{"type":"bool","description_kind":"plain","optional":true},"project_id":{"type":"string","description_kind":"plain","computed":true},"root_disk_size":{"type":"number","description_kind":"plain","required":true},"root_disk_type":{"type":"string","description_kind":"plain","required":true},"ssh_key":{"type":"string","description_kind":"plain","optional":true},"status":{"type":"string","description_kind":"plain","computed":true},"updated_at":{"type":"string","description_kind":"plain","computed":true},"user_id":{"type":"string","description_kind":"plain","computed":true},"volume_ids":{"type":["set","string"],"description_kind":"plain","optional":true,"computed":true},"wan_ipv4":{"type":["set","string"],"description_kind":"plain","computed":true},"wan_ipv6":{"type":["set","string"],"description_kind":"plain","computed":true}},"description_kind":"plain"}},"bizflycloud_ssh_key":{"version":1,"block":{"attributes":{"fingerprint":{"type":"string","description_kind":"plain","computed":true},"id":{"type":"string","description_kind":"plain","optional":true,"computed":true},"name":{"type":"string","description_kind":"plain","required":true},"public_key":{"type":"string","description_kind":"plain","required":true}},"description_kind":"plain"}},"bizflycloud_volume":{"version":1,"block":{"attributes":{"availability_zone":{"type":"string","description_kind":"plain","required":true},"category":{"type":"string","description_kind":"plain","required":true},"created_at":{"type":"string","description_kind":"plain","computed":true},"id":{"type":"string","description_kind":"plain","optional":true,"computed":true},"name":{"type":"string","description_kind":"plain","required":true},"project_id":{"type":"string","description_kind":"plain","computed":true},"size":{"type":"number","description_kind":"plain","required":true},"status":{"type":"string","description_kind":"plain","computed":true},"type":{"type":"string","description_kind":"plain","required":true},"updated_at":{"type":"string","description_kind":"plain","computed":true},"user_id":{"type":"string","description_kind":"plain","computed":true}},"description_kind":"plain"}},"bizflycloud_volume_snapshot":{"version":1,"block":{"attributes":{"created_at":{"type":"string","description_kind":"plain","computed":true},"id":{"type":"string","description_kind":"plain","optional":true,"computed":true},"name":{"type":"string","description_kind":"plain","required":true},"size":{"type":"number","description_kind":"plain","computed":true},"updated_at":{"type":"string","description_kind":"plain","computed":true},"volume_id":{"type":"string","description_kind":"plain","required":true}},"description_kind":"plain"}},"bizflycloud_vpc_network":{"version":1,"block":{"attributes":{"availability_zones":{"type":["list","string"],"description_kind":"plain","computed":true},"cidr":{"type":"string","description_kind":"plain","optional":true},"created_at":{"type":"string","description_kind":"plain","computed":true},"description":{"type":"string","description_kind":"plain","optional":true},"id":{"type":"string","description_kind":"plain","optional":true,"computed":true},"is_default":{"type":"bool","description_kind":"plain","optional":true},"mtu":{"type":"number","description_kind":"plain","computed":true},"name":{"type":"string","description_kind":"plain","required":true},"status":{"type":"string","description_kind":"plain","computed":true},"subnets":{"type":["list",["object",{"allocation_pools":["list",["object",{"end":"string","start":"string"}]],"gateway_ip":"string","ip_version":"number","project_id":"string"}]],"description_kind":"plain","computed":true},"updated_at":{"type":"string","description_kind":"plain","computed":true}},"block_types":{"timeouts":{"nesting_mode":"single","block":{"attributes":{"read":{"type":"string","description_kind":"plain","optional":true}},"description_kind":"plain"}}},"description_kind":"plain"}}},"data_source_schemas":{"bizflycloud_autoscaling_group":{"version":0,"block":{"attributes":{"desired_capacity":{"type":"number","description_kind":"plain","computed":true},"id":{"type":"string","description_kind":"plain","required":true},"launch_configuration_id":{"type":"string","description_kind":"plain","computed":true},"launch_configuration_name":{"type":"string","description_kind":"plain","computed":true},"launch_configuration_only":{"type":"bool","description_kind":"plain","computed":true},"load_balancers":{"type":["list",["object",{"load_balancer_id":"string","server_group_id":"string","server_group_port":"number"}]],"description_kind":"plain","computed":true},"max_size":{"type":"number","description_kind":"plain","computed":true},"min_size":{"type":"number","description_kind":"plain","computed":true},"name":{"type":"string","description_kind":"plain","optional":true},"node_ids":{"type":["set","string"],"description_kind":"plain","computed":true},"scale_in_info":{"type":["list",["object",{"cooldown":"number","metric_type":"string","range_time":"number","scale_size":"number","threshold":"number"}]],"description_kind":"plain","computed":true},"scale_out_info":{"type":["list",["object",{"cooldown":"number","metric_type":"string","range_time":"number","scale_size":"number","threshold":"number"}]],"description_kind":"plain","computed":true},"status":{"type":"string","description_kind":"plain","computed":true}},"description_kind":"plain"}},"bizflycloud_autoscaling_launch_configuration":{"version":0,"block":{"attributes":{"availability_zone":{"type":"string","description_kind":"plain","computed":true},"data_disks":{"type":["list",["object",{"delete_on_termination":"bool","volume_size":"number","volume_type":"string"}]],"description_kind":"plain","computed":true},"flavor":{"type":"string","description_kind":"plain","computed":true},"id":{"type":"string","description_kind":"plain","required":true},"instance_type":{"type":"string","description_kind":"plain","computed":true},"name":{"type":"string","description_kind":"plain","optional":true},"network_plan":{"type":"string","description_kind":"plain","computed":true},"networks":{"type":["list",["object",{"network_id":"string","security_groups":["set","string"]}]],"description_kind":"plain","computed":true},"os":{"type":["list",["object",{"create_from":"string","error":"string","os_name":"string","uuid":"string"}]],"description_kind":"plain","computed":true},"rootdisk":{"type":["list",["object",{"delete_on_termination":"bool","volume_size":"number","volume_type":"string"}]],"description_kind":"plain","computed":true},"ssh_key":{"type":"string","description_kind":"plain","computed":true},"status":{"type":"string","description_kind":"plain","computed":true},"user_data":{"type":"string","description_kind":"plain","computed":true}},"description_kind":"plain"}},"bizflycloud_image":{"version":0,"block":{"attributes":{"distribution":{"type":"string","description":"OS Distribution","description_kind":"plain","required":true},"id":{"type":"string","description":"Id of the image","description_kind":"plain","computed":true},"version":{"type":"string","description":"OS Version","description_kind":"plain","required":true}},"description_kind":"plain"}},"bizflycloud_kubernetes_version":{"version":0,"block":{"attributes":{"id":{"type":"string","description_kind":"plain","computed":true},"version":{"type":"string","description_kind":"plain","required":true}},"description_kind":"plain"}},"bizflycloud_network_interface":{"version":1,"block":{"attributes":{"attached_server":{"type":"string","description_kind":"plain","optional":true},"fixed_ip":{"type":"string","description_kind":"plain","optional":true},"id":{"type":"string","description_kind":"plain","optional":true,"computed":true},"name":{"type":"string","description_kind":"plain","optional":true},"network_id":{"type":"string","description_kind":"plain","optional":true,"computed":true}},"description_kind":"plain"}},"bizflycloud_vpc_network":{"version":1,"block":{"attributes":{"cidr":{"type":"string","description_kind":"plain","optional":true},"description":{"type":"string","description_kind":"plain","optional":true},"id":{"type":"string","description_kind":"plain","computed":true},"is_default":{"type":"bool","description_kind":"plain","optional":true},"name":{"type":"string","description_kind":"plain","optional":true}},"description_kind":"plain"}}}}}}
