{"format_version":"0.2","provider_schemas":{"registry.terraform.io/bltavares/zerotier":{"provider":{"version":0,"block":{"attributes":{"api_key":{"type":"string","description_kind":"plain","required":true},"controller_url":{"type":"string","description_kind":"plain","optional":true}},"description_kind":"plain"}},"resource_schemas":{"zerotier_member":{"version":0,"block":{"attributes":{"allow_ethernet_bridging":{"type":"bool","description_kind":"plain","optional":true},"authorized":{"type":"bool","description_kind":"plain","optional":true},"capabilities":{"type":["set","number"],"description_kind":"plain","optional":true},"description":{"type":"string","description_kind":"plain","optional":true},"hidden":{"type":"bool","description_kind":"plain","optional":true},"id":{"type":"string","description_kind":"plain","optional":true,"computed":true},"ip_assignments":{"type":["set","string"],"description":"List of IP routed and assigned by ZeroTier controller assignment pool. Does not include RFC4193 nor 6PLANE addresses, only those from assignment pool or manually provided.","description_kind":"plain","optional":true},"ipv4_assignments":{"type":["set","string"],"description":"Computed list of IPv4 assigned by ZeroTier controller assignment pool. Does not include RFC4193 nor 6PLANE addresses, only those from assignment pool or manually provided.","description_kind":"plain","computed":true},"ipv6_assignments":{"type":["set","string"],"description":"Computed list of IPv6 assigned by ZeroTier controller assignment pool. Does not include RFC4193 nor 6PLANE addresses, only those from assignment pool or manually provided.","description_kind":"plain","computed":true},"name":{"type":"string","description_kind":"plain","optional":true},"network_id":{"type":"string","description_kind":"plain","required":true},"no_auto_assign_ips":{"type":"bool","description_kind":"plain","optional":true},"node_id":{"type":"string","description_kind":"plain","required":true},"offline_notify_delay":{"type":"number","description_kind":"plain","optional":true},"rfc4193_address":{"type":"string","description":"Computed RFC4193 (IPv6 /128) address. Always calculated and only actually assigned on the member if RFC4193 is configured on the network.","description_kind":"plain","computed":true},"tags":{"type":["map","number"],"description_kind":"plain","optional":true},"zt6plane_address":{"type":"string","description":"Computed 6PLANE (IPv6 /60) address. Always calculated and only actually assigned on the member if 6PLANE is configured on the network.","description_kind":"plain","computed":true}},"description_kind":"plain"}},"zerotier_network":{"version":0,"block":{"attributes":{"auto_assign_6plane":{"type":"bool","description":"Auto assign IPv6 /60 to members using 6PLANE adressing","description_kind":"plain","optional":true},"auto_assign_rfc4193":{"type":"bool","description":"Auto assign IPv6 /128 to members using RFC4193 adressing","description_kind":"plain","optional":true},"auto_assign_v4":{"type":"bool","description_kind":"plain","optional":true},"auto_assign_v6":{"type":"bool","description":"Auto assign IPv6 to members from ZeroTier assignment pool","description_kind":"plain","optional":true},"broadcast":{"type":"bool","description":"Enable network broadcast (ff:ff:ff:ff:ff:ff)","description_kind":"plain","optional":true},"description":{"type":"string","description_kind":"plain","optional":true},"id":{"type":"string","description_kind":"plain","optional":true,"computed":true},"multicast_limit":{"type":"number","description":"The maximum number of recipients that can receive an Ethernet multicast or broadcast. Setting to 0 disables multicast, but be aware that only IPv6 with NDP emulation (RFC4193 or 6PLANE addressing modes) or other unicast-only protocols will work without multicast.","description_kind":"plain","optional":true},"name":{"type":"string","description_kind":"plain","required":true},"private":{"type":"bool","description_kind":"plain","optional":true},"rules_source":{"type":"string","description_kind":"plain","optional":true}},"block_types":{"assignment_pool":{"nesting_mode":"set","block":{"attributes":{"cidr":{"type":"string","description_kind":"plain","optional":true},"first":{"type":"string","description_kind":"plain","optional":true},"last":{"type":"string","description_kind":"plain","optional":true}},"description_kind":"plain"}},"route":{"nesting_mode":"set","block":{"attributes":{"target":{"type":"string","description_kind":"plain","required":true},"via":{"type":"string","description_kind":"plain","optional":true}},"description_kind":"plain"}}},"description_kind":"plain"}}}}}}
