{"format_version":"0.2","provider_schemas":{"registry.terraform.io/bluemill/jose":{"provider":{"version":0,"block":{"description_kind":"plain"}},"resource_schemas":{"jose_keyset":{"version":0,"block":{"attributes":{"alg":{"type":"string","description":"The algorithm to use. Should be one of 'EdDSA', 'ES256', 'ES384', 'ES512', 'RS256' (default), 'RS384', 'RS512', 'PS256', 'PS384', 'PS512'  for verification or one of 'RSA1_5', 'RSA-OAEP', 'RSA-OAEP-256', 'ECDH-ES', 'ECDH-ES+A128KW', 'ECDH-ES+A192KW', 'ECDH-ES+A256KW' for encryption.","description_kind":"plain","optional":true},"id":{"type":"string","description":"Generated key id (kid).","description_kind":"plain","computed":true},"private_key":{"type":"string","description":"Generated private key","description_kind":"plain","computed":true},"public_key":{"type":"string","description":"Generated public key","description_kind":"plain","computed":true},"size":{"type":"number","description":"Key size in bits (e.g. 2048 if generating an RSA key). Default is 4096","description_kind":"plain","optional":true},"use":{"type":"string","description":"Desired public key usage (use header), one of [enc sig]. Defaults to 'sig'","description_kind":"plain","optional":true}},"description":"The resource `jose` generates a JWKS keypair","description_kind":"plain"}}}}}}
