{"format_version":"0.2","provider_schemas":{"registry.terraform.io/bmatcuk/vagrant":{"provider":{"version":0,"block":{"description_kind":"plain"}},"resource_schemas":{"vagrant_vm":{"version":1,"block":{"attributes":{"env":{"type":["map","string"],"description":"Environment variables to pass to the Vagrantfile.","description_kind":"plain","optional":true},"get_ports":{"type":"bool","description":"Whether or not to retrieve forwarded port information. See `ports`. Defaults to `false`.","description_kind":"plain","optional":true},"id":{"type":"string","description_kind":"plain","optional":true,"computed":true},"machine_names":{"type":["list","string"],"description":"Names of the vagrant machines from the Vagrantfile. Names are in the same order as ssh_config.","description_kind":"plain","computed":true},"name":{"type":"string","description":"Name of the Vagrant resource. Forces resource to destroy/recreate if changed. Defaults to `vagrantbox`.","description_kind":"plain","optional":true},"ports":{"type":["list",["list",["object",{"guest":"number","host":"number"}]]],"description":"Forwarded ports per machine. Only set if `get_ports` is true.","description_kind":"plain","computed":true},"ssh_config":{"type":["list",["object",{"agent":"string","host":"string","port":"string","private_key":"string","type":"string","user":"string"}]],"description":"SSH connection information.","description_kind":"plain","computed":true},"vagrantfile_dir":{"type":"string","description":"Path to the directory where the Vagrantfile can be found. Defaults to `.`.","description_kind":"plain","optional":true}},"description":"Integrate vagrant into terraform.","description_kind":"plain"}}}}}}
