{"format_version":"0.2","provider_schemas":{"registry.terraform.io/bonial-international-gmbh/site24x7":{"provider":{"version":0,"block":{"attributes":{"api_base_url":{"type":"string","description":"Site24x7 API base url to use.","description_kind":"plain","optional":true},"max_retries":{"type":"number","description":"Maximum number of retries for Site24x7 API errors until giving up","description_kind":"plain","optional":true},"oauth2_client_id":{"type":"string","description":"OAuth2 Client ID","description_kind":"plain","required":true},"oauth2_client_secret":{"type":"string","description":"OAuth2 Client Secret","description_kind":"plain","required":true},"oauth2_refresh_token":{"type":"string","description":"OAuth2 Refresh Token","description_kind":"plain","required":true},"retry_max_wait":{"type":"number","description":"Maximum wait time in seconds before retrying failed API requests (exponential backoff).","description_kind":"plain","optional":true},"retry_min_wait":{"type":"number","description":"Minimum wait time in seconds before retrying failed API requests.","description_kind":"plain","optional":true},"token_url":{"type":"string","description":"Site24x7 OAuth token url to use.","description_kind":"plain","optional":true}},"description_kind":"plain"}},"resource_schemas":{"site24x7_action":{"version":0,"block":{"attributes":{"custom_parameters":{"type":"string","description_kind":"plain","optional":true},"id":{"type":"string","description_kind":"plain","optional":true,"computed":true},"method":{"type":"string","description_kind":"plain","optional":true},"name":{"type":"string","description_kind":"plain","required":true},"requires_authentication":{"type":"bool","description_kind":"plain","optional":true},"send_custom_parameters":{"type":"bool","description_kind":"plain","optional":true},"send_in_json_format":{"type":"bool","description_kind":"plain","optional":true},"send_incident_parameters":{"type":"bool","description_kind":"plain","optional":true},"timeout":{"type":"number","description_kind":"plain","optional":true},"type":{"type":"number","description_kind":"plain","optional":true},"url":{"type":"string","description_kind":"plain","required":true}},"description_kind":"plain"}},"site24x7_monitor_group":{"version":0,"block":{"attributes":{"description":{"type":"string","description_kind":"plain","required":true},"display_name":{"type":"string","description_kind":"plain","required":true},"id":{"type":"string","description_kind":"plain","optional":true,"computed":true}},"description_kind":"plain"}},"site24x7_website_monitor":{"version":0,"block":{"attributes":{"actions":{"type":["map","string"],"description_kind":"plain","optional":true},"auth_pass":{"type":"string","description_kind":"plain","optional":true},"auth_user":{"type":"string","description_kind":"plain","optional":true},"check_frequency":{"type":"number","description_kind":"plain","optional":true},"custom_headers":{"type":["map","string"],"description_kind":"plain","optional":true},"display_name":{"type":"string","description_kind":"plain","required":true},"http_method":{"type":"string","description_kind":"plain","optional":true},"id":{"type":"string","description_kind":"plain","optional":true,"computed":true},"location_profile_id":{"type":"string","description_kind":"plain","optional":true,"computed":true},"match_case":{"type":"bool","description_kind":"plain","optional":true},"match_regex_severity":{"type":"number","description_kind":"plain","optional":true},"match_regex_value":{"type":"string","description_kind":"plain","optional":true},"matching_keyword_severity":{"type":"number","description_kind":"plain","optional":true},"matching_keyword_value":{"type":"string","description_kind":"plain","optional":true},"monitor_groups":{"type":["list","string"],"description_kind":"plain","optional":true},"notification_profile_id":{"type":"string","description_kind":"plain","optional":true,"computed":true},"threshold_profile_id":{"type":"string","description_kind":"plain","optional":true,"computed":true},"timeout":{"type":"number","description_kind":"plain","optional":true},"unmatching_keyword_severity":{"type":"number","description_kind":"plain","optional":true},"unmatching_keyword_value":{"type":"string","description_kind":"plain","optional":true},"up_status_codes":{"type":"string","description_kind":"plain","optional":true},"use_name_server":{"type":"bool","description_kind":"plain","optional":true},"user_agent":{"type":"string","description_kind":"plain","optional":true},"user_group_ids":{"type":["list","string"],"description_kind":"plain","optional":true,"computed":true},"website":{"type":"string","description_kind":"plain","required":true}},"description_kind":"plain"}}}}}}
