{"format_version":"0.2","provider_schemas":{"registry.terraform.io/bonial-international-gmbh/spinnaker":{"provider":{"version":0,"block":{"attributes":{"config":{"type":"string","description":"Path to Gate config file","description_kind":"plain","optional":true},"default_headers":{"type":"string","description":"Headers to be passed to the gate endpoint by the client on each request","description_kind":"plain","optional":true},"ignore_cert_errors":{"type":"bool","description":"Ignore certificate errors from Gate","description_kind":"plain","optional":true},"server":{"type":"string","description":"URL for Gate","description_kind":"plain","required":true}},"description_kind":"plain"}},"resource_schemas":{"spinnaker_application":{"version":0,"block":{"attributes":{"application":{"type":"string","description_kind":"plain","required":true},"email":{"type":"string","description_kind":"plain","required":true},"id":{"type":"string","description_kind":"plain","optional":true,"computed":true},"repo_project_key":{"type":"string","description_kind":"plain","optional":true},"repo_slug":{"type":"string","description_kind":"plain","optional":true},"repo_type":{"type":"string","description_kind":"plain","optional":true}},"description_kind":"plain"}},"spinnaker_pipeline":{"version":0,"block":{"attributes":{"application":{"type":"string","description_kind":"plain","required":true},"id":{"type":"string","description_kind":"plain","optional":true,"computed":true},"name":{"type":"string","description_kind":"plain","required":true},"pipeline":{"type":"string","description_kind":"plain","required":true},"pipeline_id":{"type":"string","description_kind":"plain","computed":true}},"description_kind":"plain"}},"spinnaker_pipeline_template":{"version":0,"block":{"attributes":{"id":{"type":"string","description_kind":"plain","optional":true,"computed":true},"template":{"type":"string","description_kind":"plain","required":true},"url":{"type":"string","description_kind":"plain","computed":true}},"description_kind":"plain"}},"spinnaker_pipeline_template_config":{"version":0,"block":{"attributes":{"application":{"type":"string","description_kind":"plain","computed":true},"id":{"type":"string","description_kind":"plain","optional":true,"computed":true},"keep_waiting":{"type":"bool","description_kind":"plain","optional":true},"limit_concurrent":{"type":"bool","description_kind":"plain","optional":true},"name":{"type":"string","description_kind":"plain","computed":true},"parallel":{"type":"bool","description_kind":"plain","optional":true},"pipeline_config":{"type":"string","description_kind":"plain","required":true}},"description_kind":"plain"}},"spinnaker_pipeline_template_v2":{"version":0,"block":{"attributes":{"id":{"type":"string","description_kind":"plain","optional":true,"computed":true},"reference":{"type":"string","description":"The URL for referencing the template in a pipeline instance.","description_kind":"plain","computed":true},"template":{"type":"string","description":"JSON schema of the V2 pipeline template.","description_kind":"plain","required":true},"template_id":{"type":"string","description":"ID of the template.","description_kind":"plain","required":true}},"description":"Provides a V2 pipeline template. See https://spinnaker.io/reference/pipeline/templates/ for more details.","description_kind":"plain"}}},"data_source_schemas":{"spinnaker_pipeline":{"version":0,"block":{"attributes":{"application":{"type":"string","description_kind":"plain","required":true},"id":{"type":"string","description_kind":"plain","optional":true,"computed":true},"name":{"type":"string","description_kind":"plain","required":true},"pipeline":{"type":"string","description_kind":"plain","computed":true},"pipeline_id":{"type":"string","description_kind":"plain","computed":true}},"description_kind":"plain"}}}}}}
