{"format_version":"0.2","provider_schemas":{"registry.terraform.io/bouk/ejson":{"provider":{"version":0,"block":{"attributes":{"keydir":{"type":"string","description":"Directory to read private keys from. Defaults to $EJSON_KEYDIR or /opt/ejson/keys if not set.","description_kind":"plain","optional":true}},"description_kind":"plain"}},"resource_schemas":{"ejson_file":{"version":0,"block":{"attributes":{"data":{"type":"string","description":"The JSON data to encrypt.","description_kind":"plain","required":true,"sensitive":true},"encrypted":{"type":"string","description":"The encrypted data","description_kind":"plain","computed":true},"id":{"type":"string","description_kind":"plain","optional":true,"computed":true},"public_key":{"type":"string","description":"The public key to use for encrypting the data.","description_kind":"plain","required":true}},"description":"Generate an ejson keypair.","description_kind":"plain"}},"ejson_keypair":{"version":0,"block":{"attributes":{"id":{"type":"string","description_kind":"plain","optional":true,"computed":true},"private_key":{"type":"string","description":"The private part of the key pair, for decrypting the ejson file.","description_kind":"plain","computed":true,"sensitive":true},"public_key":{"type":"string","description":"The public part of the key pair, for embedding into the ejson file.","description_kind":"plain","computed":true}},"description":"Generate an ejson keypair.","description_kind":"plain"}}},"data_source_schemas":{"ejson_file":{"version":0,"block":{"attributes":{"data":{"type":"string","description":"Decrypted contents of ejson file. Use jsondecode to get an object from the JSON blob.","description_kind":"plain","computed":true,"sensitive":true},"file":{"type":"string","description":"ejson file to decrypt.","description_kind":"plain","required":true},"id":{"type":"string","description_kind":"plain","optional":true,"computed":true},"map":{"type":["map","string"],"description":"Mapping of decrypted keys to values, only top-level string values are included. The public key is stripped out and underscore prefixes are removed.","description_kind":"plain","computed":true,"sensitive":true},"private_key":{"type":"string","description":"Private key to use for decryption. The provider-level config keydir is used to find a key by default.","description_kind":"plain","optional":true,"sensitive":true}},"description":"Decrypt an ejson file and access its contents.","description_kind":"plain"}}}}}}
