{"format_version":"0.2","provider_schemas":{"registry.terraform.io/bpg/proxmox":{"provider":{"version":0,"block":{"block_types":{"virtual_environment":{"nesting_mode":"list","block":{"attributes":{"endpoint":{"type":"string","description":"The endpoint for the Proxmox Virtual Environment API","description_kind":"plain","optional":true},"insecure":{"type":"bool","description":"Whether to skip the TLS verification step","description_kind":"plain","optional":true},"otp":{"type":"string","description":"The one-time password for the Proxmox Virtual Environment API","description_kind":"plain","optional":true},"password":{"type":"string","description":"The password for the Proxmox Virtual Environment API","description_kind":"plain","optional":true},"username":{"type":"string","description":"The username for the Proxmox Virtual Environment API","description_kind":"plain","optional":true}},"description_kind":"plain"},"max_items":1}},"description_kind":"plain"}},"resource_schemas":{"proxmox_virtual_environment_certificate":{"version":0,"block":{"attributes":{"certificate":{"type":"string","description":"The PEM encoded certificate","description_kind":"plain","required":true},"certificate_chain":{"type":"string","description":"The PEM encoded certificate chain","description_kind":"plain","optional":true},"expiration_date":{"type":"string","description":"The expiration date","description_kind":"plain","computed":true},"file_name":{"type":"string","description":"The file name","description_kind":"plain","computed":true},"id":{"type":"string","description_kind":"plain","optional":true,"computed":true},"issuer":{"type":"string","description":"The issuer","description_kind":"plain","computed":true},"node_name":{"type":"string","description":"The node name","description_kind":"plain","required":true},"overwrite":{"type":"bool","description":"Whether to overwrite an existing certificate","description_kind":"plain","optional":true},"private_key":{"type":"string","description":"The PEM encoded private key","description_kind":"plain","required":true,"sensitive":true},"public_key_size":{"type":"number","description":"The public key size","description_kind":"plain","computed":true},"public_key_type":{"type":"string","description":"The public key type","description_kind":"plain","computed":true},"ssl_fingerprint":{"type":"string","description":"The SSL fingerprint","description_kind":"plain","computed":true},"start_date":{"type":"string","description":"The start date","description_kind":"plain","computed":true},"subject":{"type":"string","description":"The subject","description_kind":"plain","computed":true},"subject_alternative_names":{"type":["list","string"],"description":"The subject alternative names","description_kind":"plain","computed":true}},"description_kind":"plain"}},"proxmox_virtual_environment_cluster_alias":{"version":0,"block":{"attributes":{"cidr":{"type":"string","description":"IP/CIDR block","description_kind":"plain","required":true},"comment":{"type":"string","description":"Alias comment","description_kind":"plain","optional":true},"id":{"type":"string","description_kind":"plain","optional":true,"computed":true},"name":{"type":"string","description":"Alias name","description_kind":"plain","required":true}},"description_kind":"plain"}},"proxmox_virtual_environment_cluster_ipset":{"version":0,"block":{"attributes":{"comment":{"type":"string","description":"IPSet comment","description_kind":"plain","optional":true},"id":{"type":"string","description_kind":"plain","optional":true,"computed":true},"name":{"type":"string","description":"IPSet name","description_kind":"plain","required":true}},"block_types":{"cidr":{"nesting_mode":"list","block":{"attributes":{"comment":{"type":"string","description":"IP/CIDR comment","description_kind":"plain","optional":true},"name":{"type":"string","description":"Network/IP specification in CIDR format","description_kind":"plain","required":true},"nomatch":{"type":"bool","description":"No match this IP/CIDR","description_kind":"plain","optional":true}},"description":"List of IP or Networks","description_kind":"plain"}}},"description_kind":"plain"}},"proxmox_virtual_environment_container":{"version":0,"block":{"attributes":{"description":{"type":"string","description":"The description","description_kind":"plain","optional":true},"id":{"type":"string","description_kind":"plain","optional":true,"computed":true},"node_name":{"type":"string","description":"The node name","description_kind":"plain","required":true},"pool_id":{"type":"string","description":"The ID of the pool to assign the container to","description_kind":"plain","optional":true},"started":{"type":"bool","description":"Whether to start the container","description_kind":"plain","optional":true},"template":{"type":"bool","description":"Whether to create a template","description_kind":"plain","optional":true},"vm_id":{"type":"number","description":"The VM identifier","description_kind":"plain","optional":true}},"block_types":{"clone":{"nesting_mode":"list","block":{"attributes":{"datastore_id":{"type":"string","description":"The ID of the target datastore","description_kind":"plain","optional":true},"node_name":{"type":"string","description":"The name of the source node","description_kind":"plain","optional":true},"vm_id":{"type":"number","description":"The ID of the source container","description_kind":"plain","required":true}},"description":"The cloning configuration","description_kind":"plain"},"max_items":1},"console":{"nesting_mode":"list","block":{"attributes":{"enabled":{"type":"bool","description":"Whether to enable the console device","description_kind":"plain","optional":true},"tty_count":{"type":"number","description":"The number of available TTY","description_kind":"plain","optional":true},"type":{"type":"string","description":"The console mode","description_kind":"plain","optional":true}},"description":"The console configuration","description_kind":"plain"},"max_items":1},"cpu":{"nesting_mode":"list","block":{"attributes":{"architecture":{"type":"string","description":"The CPU architecture","description_kind":"plain","optional":true},"cores":{"type":"number","description":"The number of CPU cores","description_kind":"plain","optional":true},"units":{"type":"number","description":"The CPU units","description_kind":"plain","optional":true}},"description":"The CPU allocation","description_kind":"plain"},"max_items":1},"disk":{"nesting_mode":"list","block":{"attributes":{"datastore_id":{"type":"string","description":"The datastore id","description_kind":"plain","optional":true}},"description":"The disks","description_kind":"plain"},"max_items":1},"initialization":{"nesting_mode":"list","block":{"attributes":{"hostname":{"type":"string","description":"The hostname","description_kind":"plain","optional":true}},"block_types":{"dns":{"nesting_mode":"list","block":{"attributes":{"domain":{"type":"string","description":"The DNS search domain","description_kind":"plain","optional":true},"server":{"type":"string","description":"The DNS server","description_kind":"plain","optional":true}},"description":"The DNS configuration","description_kind":"plain"},"max_items":1},"ip_config":{"nesting_mode":"list","block":{"block_types":{"ipv4":{"nesting_mode":"list","block":{"attributes":{"address":{"type":"string","description":"The IPv4 address","description_kind":"plain","optional":true},"gateway":{"type":"string","description":"The IPv4 gateway","description_kind":"plain","optional":true}},"description":"The IPv4 configuration","description_kind":"plain"},"max_items":1},"ipv6":{"nesting_mode":"list","block":{"attributes":{"address":{"type":"string","description":"The IPv6 address","description_kind":"plain","optional":true},"gateway":{"type":"string","description":"The IPv6 gateway","description_kind":"plain","optional":true}},"description":"The IPv6 configuration","description_kind":"plain"},"max_items":1}},"description":"The IP configuration","description_kind":"plain"},"max_items":8},"user_account":{"nesting_mode":"list","block":{"attributes":{"keys":{"type":["list","string"],"description":"The SSH keys","description_kind":"plain","optional":true},"password":{"type":"string","description":"The SSH password","description_kind":"plain","optional":true,"sensitive":true}},"description":"The user account configuration","description_kind":"plain"},"max_items":1}},"description":"The initialization configuration","description_kind":"plain"},"max_items":1},"memory":{"nesting_mode":"list","block":{"attributes":{"dedicated":{"type":"number","description":"The dedicated memory in megabytes","description_kind":"plain","optional":true},"swap":{"type":"number","description":"The swap size in megabytes","description_kind":"plain","optional":true}},"description":"The memory allocation","description_kind":"plain"},"max_items":1},"network_interface":{"nesting_mode":"list","block":{"attributes":{"bridge":{"type":"string","description":"The bridge","description_kind":"plain","optional":true},"enabled":{"type":"bool","description":"Whether to enable the network device","description_kind":"plain","optional":true},"mac_address":{"type":"string","description":"The MAC address","description_kind":"plain","optional":true},"name":{"type":"string","description":"The network interface name","description_kind":"plain","required":true},"rate_limit":{"type":"number","description":"The rate limit in megabytes per second","description_kind":"plain","optional":true},"vlan_id":{"type":"number","description":"The VLAN identifier","description_kind":"plain","optional":true}},"description":"The network interfaces","description_kind":"plain"},"max_items":8},"operating_system":{"nesting_mode":"list","block":{"attributes":{"template_file_id":{"type":"string","description":"The ID of an OS template file","description_kind":"plain","required":true},"type":{"type":"string","description":"The type","description_kind":"plain","optional":true}},"description":"The operating system configuration","description_kind":"plain"},"max_items":1}},"description_kind":"plain"}},"proxmox_virtual_environment_dns":{"version":0,"block":{"attributes":{"domain":{"type":"string","description":"The DNS search domain","description_kind":"plain","required":true},"id":{"type":"string","description_kind":"plain","optional":true,"computed":true},"node_name":{"type":"string","description":"The node name","description_kind":"plain","required":true},"servers":{"type":["list","string"],"description":"The DNS servers","description_kind":"plain","optional":true}},"description_kind":"plain"}},"proxmox_virtual_environment_file":{"version":0,"block":{"attributes":{"content_type":{"type":"string","description":"The content type","description_kind":"plain","optional":true},"datastore_id":{"type":"string","description":"The datastore id","description_kind":"plain","required":true},"file_modification_date":{"type":"string","description":"The file modification date","description_kind":"plain","computed":true},"file_name":{"type":"string","description":"The file name","description_kind":"plain","computed":true},"file_size":{"type":"number","description":"The file size in bytes","description_kind":"plain","computed":true},"file_tag":{"type":"string","description":"The file tag","description_kind":"plain","computed":true},"id":{"type":"string","description_kind":"plain","optional":true,"computed":true},"node_name":{"type":"string","description":"The node name","description_kind":"plain","required":true}},"block_types":{"source_file":{"nesting_mode":"list","block":{"attributes":{"changed":{"type":"bool","description":"Whether the source file has changed since the last run","description_kind":"plain","optional":true},"checksum":{"type":"string","description":"The SHA256 checksum of the source file","description_kind":"plain","optional":true},"file_name":{"type":"string","description":"The file name to use instead of the source file name","description_kind":"plain","optional":true},"insecure":{"type":"bool","description":"Whether to skip the TLS verification step for HTTPS sources","description_kind":"plain","optional":true},"path":{"type":"string","description":"A path to a local file or a URL","description_kind":"plain","required":true}},"description":"The source file","description_kind":"plain"},"max_items":1},"source_raw":{"nesting_mode":"list","block":{"attributes":{"data":{"type":"string","description":"The raw data","description_kind":"plain","required":true},"file_name":{"type":"string","description":"The file name","description_kind":"plain","required":true},"resize":{"type":"number","description":"The number of bytes to resize the file to","description_kind":"plain","optional":true}},"description":"The raw source","description_kind":"plain"},"max_items":1}},"description_kind":"plain"}},"proxmox_virtual_environment_group":{"version":0,"block":{"attributes":{"comment":{"type":"string","description":"The group comment","description_kind":"plain","optional":true},"group_id":{"type":"string","description":"The group id","description_kind":"plain","required":true},"id":{"type":"string","description_kind":"plain","optional":true,"computed":true},"members":{"type":["set","string"],"description":"The group members","description_kind":"plain","computed":true}},"block_types":{"acl":{"nesting_mode":"set","block":{"attributes":{"path":{"type":"string","description":"The path","description_kind":"plain","required":true},"propagate":{"type":"bool","description":"Whether to propagate to child paths","description_kind":"plain","optional":true},"role_id":{"type":"string","description":"The role id","description_kind":"plain","required":true}},"description":"The access control list","description_kind":"plain"}}},"description_kind":"plain"}},"proxmox_virtual_environment_hosts":{"version":0,"block":{"attributes":{"addresses":{"type":["list","string"],"description":"The addresses","description_kind":"plain","computed":true},"digest":{"type":"string","description":"The SHA1 digest","description_kind":"plain","computed":true},"entries":{"type":["list",["object",{"address":"string","hostnames":["list","string"]}]],"description":"The host entries","description_kind":"plain","computed":true},"hostnames":{"type":["list",["list","string"]],"description":"The hostnames","description_kind":"plain","computed":true},"id":{"type":"string","description_kind":"plain","optional":true,"computed":true},"node_name":{"type":"string","description":"The node name","description_kind":"plain","required":true}},"block_types":{"entry":{"nesting_mode":"list","block":{"attributes":{"address":{"type":"string","description":"The address","description_kind":"plain","required":true},"hostnames":{"type":["list","string"],"description":"The hostnames","description_kind":"plain","required":true}},"description":"The host entries","description_kind":"plain"},"min_items":1}},"description_kind":"plain"}},"proxmox_virtual_environment_pool":{"version":0,"block":{"attributes":{"comment":{"type":"string","description":"The pool comment","description_kind":"plain","optional":true},"id":{"type":"string","description_kind":"plain","optional":true,"computed":true},"members":{"type":["list",["object",{"datastore_id":"string","id":"string","node_name":"string","type":"string","vm_id":"number"}]],"description":"The pool members","description_kind":"plain","computed":true},"pool_id":{"type":"string","description":"The pool id","description_kind":"plain","required":true}},"description_kind":"plain"}},"proxmox_virtual_environment_role":{"version":0,"block":{"attributes":{"id":{"type":"string","description_kind":"plain","optional":true,"computed":true},"privileges":{"type":["set","string"],"description":"The role privileges","description_kind":"plain","required":true},"role_id":{"type":"string","description":"The role id","description_kind":"plain","required":true}},"description_kind":"plain"}},"proxmox_virtual_environment_time":{"version":0,"block":{"attributes":{"id":{"type":"string","description_kind":"plain","optional":true,"computed":true},"local_time":{"type":"string","description":"The local timestamp","description_kind":"plain","computed":true},"node_name":{"type":"string","description":"The node name","description_kind":"plain","required":true},"time_zone":{"type":"string","description":"The time zone","description_kind":"plain","required":true},"utc_time":{"type":"string","description":"The UTC timestamp","description_kind":"plain","computed":true}},"description_kind":"plain"}},"proxmox_virtual_environment_user":{"version":0,"block":{"attributes":{"comment":{"type":"string","description":"The user comment","description_kind":"plain","optional":true},"email":{"type":"string","description":"The user's email address","description_kind":"plain","optional":true},"enabled":{"type":"bool","description":"Whether the user account is enabled","description_kind":"plain","optional":true},"expiration_date":{"type":"string","description":"The user account's expiration date","description_kind":"plain","optional":true},"first_name":{"type":"string","description":"The user's first name","description_kind":"plain","optional":true},"groups":{"type":["set","string"],"description":"The user's groups","description_kind":"plain","optional":true},"id":{"type":"string","description_kind":"plain","optional":true,"computed":true},"keys":{"type":"string","description":"The user's keys","description_kind":"plain","optional":true},"last_name":{"type":"string","description":"The user's last name","description_kind":"plain","optional":true},"password":{"type":"string","description":"The user's password","description_kind":"plain","required":true},"user_id":{"type":"string","description":"The user id","description_kind":"plain","required":true}},"block_types":{"acl":{"nesting_mode":"set","block":{"attributes":{"path":{"type":"string","description":"The path","description_kind":"plain","required":true},"propagate":{"type":"bool","description":"Whether to propagate to child paths","description_kind":"plain","optional":true},"role_id":{"type":"string","description":"The role id","description_kind":"plain","required":true}},"description":"The access control list","description_kind":"plain"}}},"description_kind":"plain"}},"proxmox_virtual_environment_vm":{"version":0,"block":{"attributes":{"acpi":{"type":"bool","description":"Whether to enable ACPI","description_kind":"plain","optional":true},"bios":{"type":"string","description":"The BIOS implementation","description_kind":"plain","optional":true},"description":{"type":"string","description":"The description","description_kind":"plain","optional":true},"id":{"type":"string","description_kind":"plain","optional":true,"computed":true},"ipv4_addresses":{"type":["list",["list","string"]],"description":"The IPv4 addresses published by the QEMU agent","description_kind":"plain","computed":true},"ipv6_addresses":{"type":["list",["list","string"]],"description":"The IPv6 addresses published by the QEMU agent","description_kind":"plain","computed":true},"keyboard_layout":{"type":"string","description":"The keyboard layout","description_kind":"plain","optional":true},"mac_addresses":{"type":["list","string"],"description":"The MAC addresses for the network interfaces","description_kind":"plain","computed":true},"name":{"type":"string","description":"The name","description_kind":"plain","optional":true},"network_interface_names":{"type":["list","string"],"description":"The network interface names published by the QEMU agent","description_kind":"plain","computed":true},"node_name":{"type":"string","description":"The node name","description_kind":"plain","required":true},"on_boot":{"type":"bool","description":"Start VM on Node boot","description_kind":"plain","optional":true},"pool_id":{"type":"string","description":"The ID of the pool to assign the virtual machine to","description_kind":"plain","optional":true},"reboot":{"type":"bool","description":"Wether to reboot vm after creation","description_kind":"plain","optional":true},"started":{"type":"bool","description":"Whether to start the virtual machine","description_kind":"plain","optional":true},"tablet_device":{"type":"bool","description":"Whether to enable the USB tablet device","description_kind":"plain","optional":true},"template":{"type":"bool","description":"Whether to create a template","description_kind":"plain","optional":true},"timeout_clone":{"type":"number","description":"Clone VM timeout","description_kind":"plain","optional":true},"timeout_move_disk":{"type":"number","description":"MoveDisk timeout","description_kind":"plain","optional":true},"timeout_reboot":{"type":"number","description":"Reboot timeout","description_kind":"plain","optional":true},"timeout_shutdown_vm":{"type":"number","description":"Shutdown timeout","description_kind":"plain","optional":true},"timeout_start_vm":{"type":"number","description":"Start VM timeout","description_kind":"plain","optional":true},"timeout_stop_vm":{"type":"number","description":"Stop VM timeout","description_kind":"plain","optional":true},"vm_id":{"type":"number","description":"The VM identifier","description_kind":"plain","optional":true}},"block_types":{"agent":{"nesting_mode":"list","block":{"attributes":{"enabled":{"type":"bool","description":"Whether to enable the QEMU agent","description_kind":"plain","optional":true},"timeout":{"type":"string","description":"The maximum amount of time to wait for data from the QEMU agent to become available","description_kind":"plain","optional":true},"trim":{"type":"bool","description":"Whether to enable the FSTRIM feature in the QEMU agent","description_kind":"plain","optional":true},"type":{"type":"string","description":"The QEMU agent interface type","description_kind":"plain","optional":true}},"description":"The QEMU agent configuration","description_kind":"plain"},"max_items":1},"audio_device":{"nesting_mode":"list","block":{"attributes":{"device":{"type":"string","description":"The device","description_kind":"plain","optional":true},"driver":{"type":"string","description":"The driver","description_kind":"plain","optional":true},"enabled":{"type":"bool","description":"Whether to enable the audio device","description_kind":"plain","optional":true}},"description":"The audio devices","description_kind":"plain"},"max_items":1},"cdrom":{"nesting_mode":"list","block":{"attributes":{"enabled":{"type":"bool","description":"Whether to enable the CDROM drive","description_kind":"plain","optional":true},"file_id":{"type":"string","description":"The file id","description_kind":"plain","optional":true}},"description":"The CDROM drive","description_kind":"plain"},"max_items":1},"clone":{"nesting_mode":"list","block":{"attributes":{"datastore_id":{"type":"string","description":"The ID of the target datastore","description_kind":"plain","optional":true},"full":{"type":"bool","description":"The Clone Type, create a Full Clone (true) or a linked Clone (false)","description_kind":"plain","optional":true},"node_name":{"type":"string","description":"The name of the source node","description_kind":"plain","optional":true},"retries":{"type":"number","description":"The number of Retries to create a clone","description_kind":"plain","optional":true},"vm_id":{"type":"number","description":"The ID of the source VM","description_kind":"plain","required":true}},"description":"The cloning configuration","description_kind":"plain"},"max_items":1},"cpu":{"nesting_mode":"list","block":{"attributes":{"architecture":{"type":"string","description":"The CPU architecture","description_kind":"plain","optional":true},"cores":{"type":"number","description":"The number of CPU cores","description_kind":"plain","optional":true},"flags":{"type":["list","string"],"description":"The CPU flags","description_kind":"plain","optional":true},"hotplugged":{"type":"number","description":"The number of hotplugged vCPUs","description_kind":"plain","optional":true},"sockets":{"type":"number","description":"The number of CPU sockets","description_kind":"plain","optional":true},"type":{"type":"string","description":"The emulated CPU type","description_kind":"plain","optional":true},"units":{"type":"number","description":"The CPU units","description_kind":"plain","optional":true}},"description":"The CPU allocation","description_kind":"plain"},"max_items":1},"disk":{"nesting_mode":"list","block":{"attributes":{"datastore_id":{"type":"string","description":"The datastore id","description_kind":"plain","optional":true},"file_format":{"type":"string","description":"The file format","description_kind":"plain","optional":true},"file_id":{"type":"string","description":"The file id for a disk image","description_kind":"plain","optional":true},"interface":{"type":"string","description":"The datastore name","description_kind":"plain","required":true},"size":{"type":"number","description":"The disk size in gigabytes","description_kind":"plain","optional":true}},"block_types":{"speed":{"nesting_mode":"list","block":{"attributes":{"read":{"type":"number","description":"The maximum read speed in megabytes per second","description_kind":"plain","optional":true},"read_burstable":{"type":"number","description":"The maximum burstable read speed in megabytes per second","description_kind":"plain","optional":true},"write":{"type":"number","description":"The maximum write speed in megabytes per second","description_kind":"plain","optional":true},"write_burstable":{"type":"number","description":"The maximum burstable write speed in megabytes per second","description_kind":"plain","optional":true}},"description":"The speed limits","description_kind":"plain"},"max_items":1}},"description":"The disk devices","description_kind":"plain"},"max_items":14},"initialization":{"nesting_mode":"list","block":{"attributes":{"datastore_id":{"type":"string","description":"The datastore id","description_kind":"plain","optional":true},"type":{"type":"string","description":"The cloud-init configuration format","description_kind":"plain","optional":true},"user_data_file_id":{"type":"string","description":"The ID of a file containing custom user data","description_kind":"plain","optional":true}},"block_types":{"dns":{"nesting_mode":"list","block":{"attributes":{"domain":{"type":"string","description":"The DNS search domain","description_kind":"plain","optional":true},"server":{"type":"string","description":"The DNS server","description_kind":"plain","optional":true}},"description":"The DNS configuration","description_kind":"plain"},"max_items":1},"ip_config":{"nesting_mode":"list","block":{"block_types":{"ipv4":{"nesting_mode":"list","block":{"attributes":{"address":{"type":"string","description":"The IPv4 address","description_kind":"plain","optional":true},"gateway":{"type":"string","description":"The IPv4 gateway","description_kind":"plain","optional":true}},"description":"The IPv4 configuration","description_kind":"plain"},"max_items":1},"ipv6":{"nesting_mode":"list","block":{"attributes":{"address":{"type":"string","description":"The IPv6 address","description_kind":"plain","optional":true},"gateway":{"type":"string","description":"The IPv6 gateway","description_kind":"plain","optional":true}},"description":"The IPv6 configuration","description_kind":"plain"},"max_items":1}},"description":"The IP configuration","description_kind":"plain"},"max_items":8},"user_account":{"nesting_mode":"list","block":{"attributes":{"keys":{"type":["list","string"],"description":"The SSH keys","description_kind":"plain","optional":true},"password":{"type":"string","description":"The SSH password","description_kind":"plain","optional":true,"sensitive":true},"username":{"type":"string","description":"The SSH username","description_kind":"plain","optional":true}},"description":"The user account configuration","description_kind":"plain"},"max_items":1}},"description":"The cloud-init configuration","description_kind":"plain"},"max_items":1},"memory":{"nesting_mode":"list","block":{"attributes":{"dedicated":{"type":"number","description":"The dedicated memory in megabytes","description_kind":"plain","optional":true},"floating":{"type":"number","description":"The floating memory in megabytes (balloon)","description_kind":"plain","optional":true},"shared":{"type":"number","description":"The shared memory in megabytes","description_kind":"plain","optional":true}},"description":"The memory allocation","description_kind":"plain"},"max_items":1},"network_device":{"nesting_mode":"list","block":{"attributes":{"bridge":{"type":"string","description":"The bridge","description_kind":"plain","optional":true},"enabled":{"type":"bool","description":"Whether to enable the network device","description_kind":"plain","optional":true},"mac_address":{"type":"string","description":"The MAC address","description_kind":"plain","optional":true},"model":{"type":"string","description":"The model","description_kind":"plain","optional":true},"rate_limit":{"type":"number","description":"The rate limit in megabytes per second","description_kind":"plain","optional":true},"vlan_id":{"type":"number","description":"The VLAN identifier","description_kind":"plain","optional":true}},"description":"The network devices","description_kind":"plain"},"max_items":8},"operating_system":{"nesting_mode":"list","block":{"attributes":{"type":{"type":"string","description":"The type","description_kind":"plain","optional":true}},"description":"The operating system configuration","description_kind":"plain"},"max_items":1},"serial_device":{"nesting_mode":"list","block":{"attributes":{"device":{"type":"string","description":"The device","description_kind":"plain","optional":true}},"description":"The serial devices","description_kind":"plain"},"max_items":4},"vga":{"nesting_mode":"list","block":{"attributes":{"enabled":{"type":"bool","description":"Whether to enable the VGA device","description_kind":"plain","optional":true},"memory":{"type":"number","description":"The VGA memory in megabytes (4-512 MB)","description_kind":"plain","optional":true},"type":{"type":"string","description":"The VGA type","description_kind":"plain","optional":true}},"description":"The VGA configuration","description_kind":"plain"},"max_items":1}},"description_kind":"plain"}}},"data_source_schemas":{"proxmox_virtual_environment_cluster_alias":{"version":0,"block":{"attributes":{"cidr":{"type":"string","description":"IP/CIDR block","description_kind":"plain","computed":true},"comment":{"type":"string","description":"Alias comment","description_kind":"plain","computed":true},"id":{"type":"string","description_kind":"plain","optional":true,"computed":true},"name":{"type":"string","description":"Alias name","description_kind":"plain","required":true}},"description_kind":"plain"}},"proxmox_virtual_environment_cluster_aliases":{"version":0,"block":{"attributes":{"alias_ids":{"type":["list","string"],"description":"Alias IDs","description_kind":"plain","computed":true},"id":{"type":"string","description_kind":"plain","optional":true,"computed":true}},"description_kind":"plain"}},"proxmox_virtual_environment_datastores":{"version":0,"block":{"attributes":{"active":{"type":["list","bool"],"description":"Whether a datastore is active","description_kind":"plain","computed":true},"content_types":{"type":["list",["list","string"]],"description":"The allowed content types","description_kind":"plain","computed":true},"datastore_ids":{"type":["list","string"],"description":"The datastore id","description_kind":"plain","computed":true},"enabled":{"type":["list","bool"],"description":"Whether a datastore is enabled","description_kind":"plain","computed":true},"id":{"type":"string","description_kind":"plain","optional":true,"computed":true},"node_name":{"type":"string","description":"The node name","description_kind":"plain","required":true},"shared":{"type":["list","bool"],"description":"Whether a datastore is shared","description_kind":"plain","computed":true},"space_available":{"type":["list","number"],"description":"The available space in bytes","description_kind":"plain","computed":true},"space_total":{"type":["list","number"],"description":"The total space in bytes","description_kind":"plain","computed":true},"space_used":{"type":["list","number"],"description":"The used space in bytes","description_kind":"plain","computed":true},"types":{"type":["list","number"],"description":"The storage type","description_kind":"plain","computed":true}},"description_kind":"plain"}},"proxmox_virtual_environment_dns":{"version":0,"block":{"attributes":{"domain":{"type":"string","description":"The DNS search domain","description_kind":"plain","computed":true},"id":{"type":"string","description_kind":"plain","optional":true,"computed":true},"node_name":{"type":"string","description":"The node name","description_kind":"plain","required":true},"servers":{"type":["list","string"],"description":"The DNS servers","description_kind":"plain","computed":true}},"description_kind":"plain"}},"proxmox_virtual_environment_group":{"version":0,"block":{"attributes":{"acl":{"type":["set",["object",{"path":"string","propagate":"bool","role_id":"string"}]],"description":"The access control list","description_kind":"plain","computed":true},"comment":{"type":"string","description":"The group comment","description_kind":"plain","computed":true},"group_id":{"type":"string","description":"The group id","description_kind":"plain","required":true},"id":{"type":"string","description_kind":"plain","optional":true,"computed":true},"members":{"type":["set","string"],"description":"The group members","description_kind":"plain","computed":true}},"description_kind":"plain"}},"proxmox_virtual_environment_groups":{"version":0,"block":{"attributes":{"comments":{"type":["list","string"],"description":"The group comments","description_kind":"plain","computed":true},"group_ids":{"type":["list","string"],"description":"The group ids","description_kind":"plain","computed":true},"id":{"type":"string","description_kind":"plain","optional":true,"computed":true}},"description_kind":"plain"}},"proxmox_virtual_environment_hosts":{"version":0,"block":{"attributes":{"addresses":{"type":["list","string"],"description":"The addresses","description_kind":"plain","computed":true},"digest":{"type":"string","description":"The SHA1 digest","description_kind":"plain","computed":true},"entries":{"type":["list",["object",{"address":"string","hostnames":["list","string"]}]],"description":"The host entries","description_kind":"plain","computed":true},"hostnames":{"type":["list",["list","string"]],"description":"The hostnames","description_kind":"plain","computed":true},"id":{"type":"string","description_kind":"plain","optional":true,"computed":true},"node_name":{"type":"string","description":"The node name","description_kind":"plain","required":true}},"description_kind":"plain"}},"proxmox_virtual_environment_nodes":{"version":0,"block":{"attributes":{"cpu_count":{"type":["list","number"],"description":"The CPU count for each node","description_kind":"plain","computed":true},"cpu_utilization":{"type":["list","number"],"description":"The CPU utilization on each node","description_kind":"plain","computed":true},"id":{"type":"string","description_kind":"plain","optional":true,"computed":true},"memory_available":{"type":["list","number"],"description":"The available memory in bytes on each node","description_kind":"plain","computed":true},"memory_used":{"type":["list","number"],"description":"The used memory in bytes on each node","description_kind":"plain","computed":true},"names":{"type":["list","string"],"description":"The node names","description_kind":"plain","computed":true},"online":{"type":["list","bool"],"description":"Whether a node is online","description_kind":"plain","computed":true},"ssl_fingerprints":{"type":["list","string"],"description":"The SSL fingerprint for each node","description_kind":"plain","computed":true},"support_levels":{"type":["list","string"],"description":"The support level for each node","description_kind":"plain","computed":true},"uptime":{"type":["list","string"],"description":"The uptime in seconds for each node","description_kind":"plain","computed":true}},"description_kind":"plain"}},"proxmox_virtual_environment_pool":{"version":0,"block":{"attributes":{"comment":{"type":"string","description":"The pool comment","description_kind":"plain","computed":true},"id":{"type":"string","description_kind":"plain","optional":true,"computed":true},"members":{"type":["list",["object",{"datastore_id":"string","id":"string","node_name":"string","type":"string","vm_id":"number"}]],"description":"The pool members","description_kind":"plain","computed":true},"pool_id":{"type":"string","description":"The pool id","description_kind":"plain","required":true}},"description_kind":"plain"}},"proxmox_virtual_environment_pools":{"version":0,"block":{"attributes":{"id":{"type":"string","description_kind":"plain","optional":true,"computed":true},"pool_ids":{"type":["list","string"],"description":"The pool ids","description_kind":"plain","computed":true}},"description_kind":"plain"}},"proxmox_virtual_environment_role":{"version":0,"block":{"attributes":{"id":{"type":"string","description_kind":"plain","optional":true,"computed":true},"privileges":{"type":["set","string"],"description":"The role privileges","description_kind":"plain","computed":true},"role_id":{"type":"string","description":"The role id","description_kind":"plain","required":true}},"description_kind":"plain"}},"proxmox_virtual_environment_roles":{"version":0,"block":{"attributes":{"id":{"type":"string","description_kind":"plain","optional":true,"computed":true},"privileges":{"type":["list",["set","string"]],"description":"The role privileges","description_kind":"plain","computed":true},"role_ids":{"type":["list","string"],"description":"The role ids","description_kind":"plain","computed":true},"special":{"type":["list","bool"],"description":"Whether the role is special (built-in)","description_kind":"plain","computed":true}},"description_kind":"plain"}},"proxmox_virtual_environment_time":{"version":0,"block":{"attributes":{"id":{"type":"string","description_kind":"plain","optional":true,"computed":true},"local_time":{"type":"string","description":"The local timestamp","description_kind":"plain","computed":true},"node_name":{"type":"string","description":"The node name","description_kind":"plain","required":true},"time_zone":{"type":"string","description":"The time zone","description_kind":"plain","computed":true},"utc_time":{"type":"string","description":"The UTC timestamp","description_kind":"plain","computed":true}},"description_kind":"plain"}},"proxmox_virtual_environment_user":{"version":0,"block":{"attributes":{"acl":{"type":["set",["object",{"path":"string","propagate":"bool","role_id":"string"}]],"description":"The access control list","description_kind":"plain","computed":true},"comment":{"type":"string","description":"The user comment","description_kind":"plain","computed":true},"email":{"type":"string","description":"The user's email address","description_kind":"plain","computed":true},"enabled":{"type":"bool","description":"Whether the user account is enabled","description_kind":"plain","computed":true},"expiration_date":{"type":"string","description":"The user account's expiration date","description_kind":"plain","computed":true},"first_name":{"type":"string","description":"The user's first name","description_kind":"plain","computed":true},"groups":{"type":["list","string"],"description":"The user's groups","description_kind":"plain","computed":true},"id":{"type":"string","description_kind":"plain","optional":true,"computed":true},"keys":{"type":"string","description":"The user's keys","description_kind":"plain","computed":true},"last_name":{"type":"string","description":"The user's last name","description_kind":"plain","computed":true},"user_id":{"type":"string","description":"The user id","description_kind":"plain","required":true}},"description_kind":"plain"}},"proxmox_virtual_environment_users":{"version":0,"block":{"attributes":{"comments":{"type":["list","string"],"description":"The user comments","description_kind":"plain","computed":true},"emails":{"type":["list","string"],"description":"The users' email addresses","description_kind":"plain","computed":true},"enabled":{"type":["list","bool"],"description":"Whether a user account is enabled","description_kind":"plain","computed":true},"expiration_dates":{"type":["list","string"],"description":"The user accounts' expiration dates","description_kind":"plain","computed":true},"first_names":{"type":["list","string"],"description":"The users' first names","description_kind":"plain","computed":true},"groups":{"type":["list",["list","string"]],"description":"The users' groups","description_kind":"plain","computed":true},"id":{"type":"string","description_kind":"plain","optional":true,"computed":true},"keys":{"type":["list","string"],"description":"The users' keys","description_kind":"plain","computed":true},"last_names":{"type":["list","string"],"description":"The users' last names","description_kind":"plain","computed":true},"user_ids":{"type":["list","string"],"description":"The user ids","description_kind":"plain","computed":true}},"description_kind":"plain"}},"proxmox_virtual_environment_version":{"version":0,"block":{"attributes":{"id":{"type":"string","description_kind":"plain","optional":true,"computed":true},"keyboard_layout":{"type":"string","description":"The keyboard layout","description_kind":"plain","computed":true},"release":{"type":"string","description":"The release information","description_kind":"plain","computed":true},"repository_id":{"type":"string","description":"The repository id","description_kind":"plain","computed":true},"version":{"type":"string","description":"The version information","description_kind":"plain","computed":true}},"description_kind":"plain"}}}}}}
