{"format_version":"0.2","provider_schemas":{"registry.terraform.io/brendanthompson/scratch":{"provider":{"version":0,"block":{"attributes":{"use":{"type":"bool","description_kind":"plain","optional":true}},"description_kind":"plain"}},"resource_schemas":{"scratch_bool":{"version":0,"block":{"attributes":{"description":{"type":"string","description_kind":"plain","optional":true},"id":{"type":"string","description_kind":"plain","computed":true},"in":{"type":"bool","description_kind":"plain","required":true}},"description_kind":"plain"}},"scratch_list":{"version":0,"block":{"attributes":{"description":{"type":"string","description_kind":"plain","optional":true},"id":{"type":"string","description_kind":"plain","computed":true},"in":{"type":["list","string"],"description_kind":"plain","required":true}},"description_kind":"plain"}},"scratch_map":{"version":0,"block":{"attributes":{"description":{"type":"string","description_kind":"plain","optional":true},"id":{"type":"string","description_kind":"plain","computed":true},"in":{"type":["map","string"],"description_kind":"plain","required":true}},"description_kind":"plain"}},"scratch_number":{"version":0,"block":{"attributes":{"description":{"type":"string","description_kind":"plain","optional":true},"id":{"type":"string","description_kind":"plain","computed":true},"in":{"type":"number","description_kind":"plain","required":true}},"description_kind":"plain"}},"scratch_string":{"version":0,"block":{"attributes":{"description":{"type":"string","description_kind":"plain","optional":true},"id":{"type":"string","description_kind":"plain","computed":true},"in":{"type":"string","description_kind":"plain","required":true}},"description_kind":"plain"}}}}}}
