{"format_version":"0.2","provider_schemas":{"registry.terraform.io/briancain/diceroll":{"provider":{"version":0,"block":{"description_kind":"plain"}},"resource_schemas":{"diceroll_roll":{"version":0,"block":{"attributes":{"calculated_total":{"type":"number","description_kind":"plain","computed":true},"description":{"type":"string","description_kind":"plain","optional":true},"id":{"type":"string","description_kind":"plain","optional":true,"computed":true},"quantity":{"type":"number","description_kind":"plain","optional":true},"result":{"type":["list","number"],"description_kind":"plain","computed":true},"seed":{"type":"string","description_kind":"plain","required":true},"sides":{"type":"number","description_kind":"plain","optional":true}},"description_kind":"plain"}}}}}}
