{"format_version":"0.2","provider_schemas":{"registry.terraform.io/brightnetwork/algolia":{"provider":{"version":0,"block":{"attributes":{"api_key":{"type":"string","description":"Algolia API Key","description_kind":"plain","required":true},"application_id":{"type":"string","description":"Algolia Application ID","description_kind":"plain","required":true}},"description_kind":"plain"}},"resource_schemas":{"algolia_one_way_synonym":{"version":0,"block":{"attributes":{"forward_to_replicas":{"type":"bool","description_kind":"plain","optional":true},"id":{"type":"string","description_kind":"plain","optional":true,"computed":true},"index":{"type":"string","description":"Algolia Index","description_kind":"plain","required":true},"input":{"type":"string","description":"Search Term","description_kind":"plain","required":true},"synonyms":{"type":["list","string"],"description":"List of synonyms","description_kind":"plain","required":true}},"description_kind":"plain"}},"algolia_regular_synonym":{"version":0,"block":{"attributes":{"forward_to_replicas":{"type":"bool","description_kind":"plain","optional":true},"id":{"type":"string","description_kind":"plain","optional":true,"computed":true},"index":{"type":"string","description":"Algolia Index","description_kind":"plain","required":true},"synonyms":{"type":["list","string"],"description":"List of synonyms","description_kind":"plain","required":true}},"description_kind":"plain"}},"algolia_rule":{"version":0,"block":{"attributes":{"consequence":{"type":"string","description_kind":"plain","required":true},"enabled":{"type":"bool","description_kind":"plain","optional":true},"forward_to_replicas":{"type":"bool","description_kind":"plain","optional":true},"id":{"type":"string","description_kind":"plain","optional":true,"computed":true},"index":{"type":"string","description":"Algolia Index","description_kind":"plain","required":true}},"block_types":{"condition":{"nesting_mode":"list","block":{"attributes":{"alternatives":{"type":"bool","description_kind":"plain","optional":true},"anchoring":{"type":"string","description_kind":"plain","required":true},"context":{"type":"string","description_kind":"plain","optional":true},"pattern":{"type":"string","description_kind":"plain","required":true}},"description_kind":"plain"},"min_items":1,"max_items":1}},"description_kind":"plain"}}}}}}
