{"format_version":"0.2","provider_schemas":{"registry.terraform.io/brinkmanlab/galaxy":{"provider":{"version":0,"block":{"attributes":{"apikey":{"type":"string","description":"API key associated with a Galaxy administrator account. A master API key will fail to create resources that need to be associated with a user. Refers to GALAXY_API_KEY env variable if unset.","description_kind":"plain","optional":true,"sensitive":true},"host":{"type":"string","description":"URL to Galaxy instance. Refers to GALAXY_HOST env variable if unset.","description_kind":"plain","required":true},"password":{"type":"string","description":"Password associated with username. Refers to GALAXY_PASSWORD env variable if unset.","description_kind":"plain","optional":true,"sensitive":true},"username":{"type":"string","description":"Username or email address of Galaxy administrator account. Refers to GALAXY_USERNAME env variable if unset.","description_kind":"plain","optional":true},"wait_for_host":{"type":"number","description":"Some terraform resources return prematurely causing this provider to fail to resolve the Galaxy host. Specify in seconds how long to wait for the host to become available (0 for forever)","description_kind":"plain","optional":true}},"description_kind":"plain"}},"resource_schemas":{"galaxy_history":{"version":0,"block":{"attributes":{"annotation":{"type":"string","description":"Annotation description of history","description_kind":"plain","optional":true},"contents_url":{"type":"string","description":"API url to history contents","description_kind":"plain","computed":true},"create_time":{"type":"string","description":"Time history created","description_kind":"plain","computed":true},"deleted":{"type":"bool","description":"Deleted","description_kind":"plain","computed":true},"empty":{"type":"bool","description":"History empty","description_kind":"plain","computed":true},"genome_build":{"type":"string","description":"Genome build assigned to history","description_kind":"plain","optional":true},"id":{"type":"string","description_kind":"plain","optional":true,"computed":true},"importable":{"type":"bool","description":"Importable","description_kind":"plain","computed":true},"name":{"type":"string","description":"History name as displayed to user","description_kind":"plain","optional":true},"published":{"type":"bool","description":"Published","description_kind":"plain","optional":true},"purge":{"type":"bool","description":"Purge history on delete","description_kind":"plain","optional":true},"purged":{"type":"bool","description":"Purged","description_kind":"plain","computed":true},"size":{"type":"number","description":"Total storage size of all containing datasets","description_kind":"plain","computed":true},"slug":{"type":"string","description":"Slug","description_kind":"plain","optional":true},"state":{"type":"string","description":"Overall state of history and its contents","description_kind":"plain","computed":true},"state_details":{"type":["map","number"],"description":"Map of count of datasets keyed on each state","description_kind":"plain","computed":true},"tags":{"type":["list","string"],"description":"List of tags assigned to history","description_kind":"plain","optional":true},"update_time":{"type":"string","description":"Time history last modified","description_kind":"plain","computed":true},"url":{"type":"string","description":"API url of history","description_kind":"plain","computed":true},"user_id":{"type":"string","description":"User id of assigned user","description_kind":"plain","computed":true},"username_and_slug":{"type":"string","description":"Username and slug","description_kind":"plain","computed":true}},"description":"Galaxy histories organise and group data into 'workspaces'. All datasets must be associated with a history, including job outputs.","description_kind":"plain"}},"galaxy_job":{"version":0,"block":{"attributes":{"additional_jobs":{"type":["list",["object",{"create_time":"string","exit_code":"number","history_id":"string","state":"string","tool_id":"string","update_time":"string"}]],"description":"If the input parameters spawn multiple jobs, the remaining jobs will be listed here","description_kind":"plain","computed":true},"create_time":{"type":"string","description":"Job creation time","description_kind":"plain","computed":true},"exit_code":{"type":"number","description":"Exit code as returned by tool execution","description_kind":"plain","computed":true},"history_id":{"type":"string","description":"Id of history where tool outputs are associated","description_kind":"plain","required":true},"id":{"type":"string","description_kind":"plain","optional":true,"computed":true},"params":{"type":["map","string"],"description":"Map of parameter values keyed on input id","description_kind":"plain","optional":true},"state":{"type":"string","description":"Running state of job","description_kind":"plain","computed":true},"tool_guid":{"type":"string","description":"UUID of tool as assigned by Galaxy instance","description_kind":"plain","optional":true},"tool_id":{"type":"string","description":"Id of the tool to execute in the form `toolshed hostname/repos/repo owner/repo name/tool name/version`","description_kind":"plain","optional":true},"update_time":{"type":"string","description":"Time job state lst updated","description_kind":"plain","computed":true},"wait_for_completion":{"type":"bool","description":"Wait for job to complete before creating dependant resources","description_kind":"plain","optional":true}},"block_types":{"hda":{"nesting_mode":"list","block":{"attributes":{"id":{"type":"string","description":"HDA id","description_kind":"plain","required":true},"input":{"type":"string","description":"Input id as described in Galaxy tool wrapper XML","description_kind":"plain","required":true}},"description":"Repeatable block of HDA inputs. Specify the same input id in multiple blocks to provide tool multiple HDAs per input.","description_kind":"plain"}},"hdca":{"nesting_mode":"list","block":{"attributes":{"id":{"type":"string","description":"HDCA id","description_kind":"plain","required":true},"input":{"type":"string","description":"Input id as described in Galaxy tool wrapper XML","description_kind":"plain","required":true}},"description":"Repeatable block of HDCA inputs. Specify the same input id in multiple blocks to provide tool multiple HDCAs per input.","description_kind":"plain"}}},"description":"Execute tools to load data. This is mainly intended for data managers or upload/download tools. Do not use this for data processing!","description_kind":"plain"}},"galaxy_quota":{"version":0,"block":{"attributes":{"amount":{"type":"string","description":"Examples: \"10000MB\", \"99 gb\", \"0.2T\", \"unlimited\"","description_kind":"plain","required":true},"bytes":{"type":"number","description":"Amount, in bytes","description_kind":"plain","computed":true},"default":{"type":"string","description":"Set as default for category of users (unregistered, registered)","description_kind":"plain","optional":true},"description":{"type":"string","description":"Description of quota","description_kind":"plain","required":true},"display_amount":{"type":"string","description":"Human readable amount","description_kind":"plain","computed":true},"groups":{"type":["list","string"],"description":"List of group ids to apply quota to","description_kind":"plain","optional":true},"id":{"type":"string","description_kind":"plain","optional":true,"computed":true},"name":{"type":"string","description":"Quota name as displayed to user","description_kind":"plain","optional":true},"operation":{"type":"string","description":"Assign (=), increase by amount (+), or decrease by amount (-)","description_kind":"plain","optional":true},"purge":{"type":"bool","description":"Purge a user on deletion","description_kind":"plain","optional":true},"users":{"type":["list","string"],"description":"List of user ids to apply quota to","description_kind":"plain","optional":true}},"description":"Galaxy quotas regulate the amount of data a user can store in their account at any one time.","description_kind":"plain"}},"galaxy_repository":{"version":0,"block":{"attributes":{"changeset_revision":{"type":"string","description":"Changeset revision of repository","description_kind":"plain","required":true},"ctx_rev":{"type":"string","description_kind":"plain","computed":true},"deleted":{"type":"bool","description":"Repository deleted","description_kind":"plain","computed":true},"dist_to_shed":{"type":"bool","description_kind":"plain","computed":true},"error_message":{"type":"string","description":"Install error message","description_kind":"plain","computed":true},"id":{"type":"string","description_kind":"plain","optional":true,"computed":true},"include_datatypes":{"type":"bool","description":"Repository includes datatypes","description_kind":"plain","computed":true},"install_repository_dependencies":{"type":"bool","description":"Install repository dependencies from toolshed","description_kind":"plain","optional":true},"install_resolver_dependencies":{"type":"bool","description":"Install resolver dependencies","description_kind":"plain","optional":true},"install_tool_dependencies":{"type":"bool","description":"Install tool dependencies using the configured dependency manager","description_kind":"plain","optional":true},"installed_changeset_revision":{"type":"string","description":"Installed changeset revision","description_kind":"plain","computed":true},"latest_installable_revision":{"type":"string","description":"Latest installable revision of repository","description_kind":"plain","computed":true},"name":{"type":"string","description":"Repository name","description_kind":"plain","required":true},"new_tool_panel_section_label":{"type":"string","description":"Label of tool panel section to create and list tool under","description_kind":"plain","optional":true},"owner":{"type":"string","description":"Repository owner","description_kind":"plain","required":true},"remove_from_disk":{"type":"bool","description":"Repository files from disk on uninstall","description_kind":"plain","optional":true},"repository_deprecated":{"type":"string","description":"Repository depreciated. https://github.com/galaxyproject/galaxy/issues/10453","description_kind":"plain","computed":true},"revision_update":{"type":"string","description":"https://github.com/galaxyproject/galaxy/issues/10453","description_kind":"plain","computed":true},"revision_upgrade":{"type":"string","description":"https://github.com/galaxyproject/galaxy/issues/10453","description_kind":"plain","computed":true},"status":{"type":"string","description":"Installation status","description_kind":"plain","computed":true},"sub_repositories":{"type":["list",["object",{"changeset_revision":"string","ctx_rev":"string","deleted":"bool","dist_to_shed":"bool","error_message":"string","id":"string","include_datatypes":"bool","installed_changeset_revision":"string","latest_installable_revision":"string","name":"string","owner":"string","repository_deprecated":"string","revision_update":"string","revision_upgrade":"string","status":"string","tool_shed":"string","tools":["set",["object",{"config_file":"string","description":"string","name":"string","tool_guid":"string","tool_id":"string","version":"string"}]],"uninstalled":"bool","url":"string"}]],"description":"If the repository is a suite or otherwise depends on other repositories, they will be listed here","description_kind":"plain","computed":true},"tool_panel_section_id":{"type":"string","description":"Tool panel section ID to list tool under","description_kind":"plain","optional":true},"tool_shed":{"type":"string","description":"Repository toolshed","description_kind":"plain","required":true},"tools":{"type":["set",["object",{"config_file":"string","description":"string","name":"string","tool_guid":"string","tool_id":"string","version":"string"}]],"description":"List of tools installed by repository","description_kind":"plain","computed":true},"uninstalled":{"type":"bool","description":"Uninstalled","description_kind":"plain","computed":true},"url":{"type":"string","description":"Repository url","description_kind":"plain","computed":true}},"description":"Tools are bundled and installed as repositories made available via [Galaxy Toolshed](https://toolshed.g2.bx.psu.edu/) deployments. This resource represents and manages an installed repository within a Galaxy instance.","description_kind":"plain"}},"galaxy_stored_workflow":{"version":0,"block":{"attributes":{"annotation":{"type":"string","description":"Workflow annotation","description_kind":"plain","optional":true,"computed":true},"deleted":{"type":"bool","description":"Workflow deleted","description_kind":"plain","computed":true},"id":{"type":"string","description_kind":"plain","optional":true,"computed":true},"import_tools":{"type":"bool","description":"Install tools referenced by workflow","description_kind":"plain","optional":true},"importable":{"type":"bool","description":"Allow users to import workflow","description_kind":"plain","optional":true},"json":{"type":"string","description":"JSON encoded workflow. See terraform file() to load a .ga file.","description_kind":"plain","required":true},"latest_workflow_uuid":{"type":"string","description":"UUID to uniquely identify stored workflow","description_kind":"plain","computed":true},"name":{"type":"string","description":"Name of stored workflow as displayed to user","description_kind":"plain","optional":true,"computed":true},"number_of_steps":{"type":"number","description":"Count of steps in workflow","description_kind":"plain","computed":true},"owner":{"type":"string","description":"User workflow is assigned to","description_kind":"plain","computed":true},"published":{"type":"bool","description":"Make workflow available to all users","description_kind":"plain","optional":true},"show_in_tool_panel":{"type":"bool","description":"Show in tool panel in Galaxy UI","description_kind":"plain","optional":true,"computed":true},"tags":{"type":["list","string"],"description":"List of tags assigned to workflow","description_kind":"plain","optional":true,"computed":true},"url":{"type":"string","description":"URL of workflow within Galaxy API","description_kind":"plain","computed":true},"version":{"type":"number","description":"Workflow version","description_kind":"plain","computed":true}},"description":"[Galaxy workflows](https://galaxyproject.org/learn/advanced-workflow/) are groups of jobs chained together to process data. This resource represents and manages a workflow stored in a Galaxy instance.","description_kind":"plain"}},"galaxy_user":{"version":0,"block":{"attributes":{"api_key":{"type":"string","description":"API key of user","description_kind":"plain","computed":true,"sensitive":true},"deleted":{"type":"bool","description":"User deleted","description_kind":"plain","computed":true},"email":{"type":"string","description":"Users email address","description_kind":"plain","required":true},"id":{"type":"string","description_kind":"plain","optional":true,"computed":true},"is_admin":{"type":"bool","description":"User is administrator","description_kind":"plain","computed":true},"nice_total_disk_usage":{"type":"string","description":"Human readable total disk usage of users stored data","description_kind":"plain","computed":true},"password":{"type":"string","description":"Password to authenticate user against Galaxy","description_kind":"plain","required":true,"sensitive":true},"purge":{"type":"bool","description":"Purge a user on deletion","description_kind":"plain","optional":true},"purged":{"type":"bool","description":"User purged","description_kind":"plain","computed":true},"quota":{"type":"string","description":"Maximum disk storage available to user","description_kind":"plain","computed":true},"quota_percent":{"type":"number","description":"Storage quota, between 0 and 100","description_kind":"plain","computed":true},"tags_used":{"type":["list","string"],"description":"List of tags assigned to users resources","description_kind":"plain","computed":true},"total_disk_usage":{"type":"number","description":"Total disk usage of users stored data","description_kind":"plain","computed":true},"username":{"type":"string","description":"Username to identify user","description_kind":"plain","required":true}},"description":"Create and manage Galaxy users. Used mostly to configure admin users.","description_kind":"plain"}}},"data_source_schemas":{"galaxy_tool":{"version":0,"block":{"attributes":{"config_file":{"type":"string","description":"Config file","description_kind":"plain","computed":true},"description":{"type":"string","description":"Tool description","description_kind":"plain","computed":true},"edam_operations":{"type":["list","string"],"description":"List of EDAM Ontology operations associated with tool","description_kind":"plain","computed":true},"edam_topics":{"type":["list","string"],"description":"List of EDAM Ontology topics associated with tool","description_kind":"plain","computed":true},"form_style":{"type":"string","description":"Form style","description_kind":"plain","computed":true},"guid":{"type":"string","description":"Tool guid","description_kind":"plain","optional":true,"computed":true},"id":{"type":"string","description":"Tool Id","description_kind":"plain","optional":true,"computed":true},"labels":{"type":["list","string"],"description":"List of labels associated with tool","description_kind":"plain","computed":true},"link":{"type":"string","description":"Link","description_kind":"plain","computed":true},"min_width":{"type":"number","description":"Minimum width","description_kind":"plain","computed":true},"name":{"type":"string","description":"Tool name as displayed to user","description_kind":"plain","computed":true},"panel_section_id":{"type":"string","description":"Tool panel section id","description_kind":"plain","computed":true},"panel_section_name":{"type":"string","description":"Tool panel section name as displayed to user","description_kind":"plain","computed":true},"target":{"type":"string","description":"Target","description_kind":"plain","computed":true},"version":{"type":"string","description":"Tool version","description_kind":"plain","computed":true},"xrefs":{"type":["list","string"],"description":"Cross references","description_kind":"plain","computed":true}},"description":"Loads information related to an installed tool","description_kind":"plain"}},"galaxy_workflow_repositories":{"version":0,"block":{"attributes":{"id":{"type":"string","description_kind":"plain","optional":true,"computed":true},"json":{"type":"string","description":"JSON encoded workflow. See terraform file() to load a .ga file.","description_kind":"plain","required":true},"repositories":{"type":["set",["object",{"changeset_revision":"string","name":"string","owner":"string","tool_shed":"string"}]],"description":"Set of repositories referenced within workflow","description_kind":"plain","computed":true}},"description":"Galaxy workflows are dependant on the presence of the tools they use to be installed in the same Galaxy instance. The data source extracts the tool repositories referenced within the workflow json, listing them for installation. See [resource_repository](../resources/resource_repository) for more information on installing repositories.","description_kind":"plain"}}}}}}
