{"format_version":"0.2","provider_schemas":{"registry.terraform.io/bryannice/denodo":{"provider":{"version":0,"block":{"attributes":{"database":{"type":"string","description":"Database initial connection will be made too.","description_kind":"plain","optional":true},"host":{"type":"string","description":"Host to the Denodo platform.","description_kind":"plain","required":true},"password":{"type":"string","description":"Password used to connect to the Denodo platform.","description_kind":"plain","optional":true,"sensitive":true},"port":{"type":"number","description":"Port to the Denodo platform.","description_kind":"plain","optional":true},"ssl_mode":{"type":"string","description":"SSL mode used to connect to the Denodo platform. Acceptable values disable, allow, prefer, require","description_kind":"plain","optional":true},"username":{"type":"string","description":"Username used to connect to the Denodo platform.","description_kind":"plain","optional":true,"sensitive":true}},"description_kind":"plain"}},"resource_schemas":{"denodo_base_view":{"version":0,"block":{"attributes":{"data_source_catalog_name":{"type":"string","description":"Name of the catalog in the source database that contains the table from which to create the base view. Pass null if the database does not support catalogs.","description_kind":"plain","optional":true},"data_source_database":{"type":"string","description":"Name of the database to which the JDBC data source belongs.","description_kind":"plain","required":true},"data_source_name":{"type":"string","description":"Name of the data source.","description_kind":"plain","required":true},"data_source_schema_name":{"type":"string","description":"Name of the schema in the source database that contains the table from which to create the base view. Pass null if the database does not support schemas.","description_kind":"plain","optional":true},"data_source_table_name":{"type":"string","description":"Name of the table/view over which to create the base view.","description_kind":"plain","required":true},"database":{"type":"string","description":"Database where the base view will reside.","description_kind":"plain","required":true},"folder":{"type":"string","description":"Folder in which to place the created base view. The result will include the VQL statements to create this folder(s). If null, the VQL will not specify a folder.","description_kind":"plain","optional":true},"id":{"type":"string","description_kind":"plain","optional":true,"computed":true},"name":{"type":"string","description":"Name of the base view to be created. If null, the name will be auto-generated.","description_kind":"plain","required":true}},"description_kind":"plain"}},"denodo_database":{"version":0,"block":{"attributes":{"authentication":{"type":"string","description":"Authenication method the database will use.","description_kind":"plain","optional":true},"char_set":{"type":"string","description":"Setting the charset. Valid values are UNICODE, RESTRICTED, or DEFAULT.","description_kind":"plain","optional":true},"check_view_restrictions":{"type":"string","description":"The section Column Privileges, Row Restrictions and Custom Policies Are Always Propagated of the Upgrade Guide explains the implications of changing this parameter.","description_kind":"plain","optional":true},"cost_optimization":{"type":"string","description":"Enables or disables the cost-based optimization on this database.","description_kind":"plain","optional":true},"description":{"type":"string","description":"The description of the database.","description_kind":"plain","optional":true},"id":{"type":"string","description_kind":"plain","optional":true,"computed":true},"name":{"type":"string","description":"Name of the database to be created.","description_kind":"plain","required":true},"odbc_authentication":{"type":"string","description":"ODBC Authenication method it will use. Valid values are NORMAL or KERBEROS.","description_kind":"plain","optional":true},"query_simplification":{"type":"string","description":"Enables or disables automatic simplification of queries on the database. Valid values are ON, OFF, or DEFAULT.","description_kind":"plain","optional":true},"summary_rewrite":{"type":"string","description":"Enables or disables the summary rewrite optimization on the database. Valid values are ON, OFF, or DEFAULT.","description_kind":"plain","optional":true}},"description_kind":"plain"}},"denodo_database_folder":{"version":0,"block":{"attributes":{"copy":{"type":"bool","description":"Indicator to copy an element.","description_kind":"plain","optional":true},"copy_new":{"type":"string","description":"Copy to new element name.","description_kind":"plain","optional":true},"copy_old":{"type":"string","description":"Copy from old elment name.","description_kind":"plain","optional":true},"data_source_type":{"type":"string","description":"Type of data source element.","description_kind":"plain","optional":true},"database":{"type":"string","description":"Database where the folder resides.","description_kind":"plain","required":true},"description":{"type":"string","description":"Description of the folder.","description_kind":"plain","optional":true},"element_type":{"type":"string","description":"Type of element.","description_kind":"plain","optional":true},"folder_path":{"type":"string","description":"Folder path to create.","description_kind":"plain","required":true},"id":{"type":"string","description_kind":"plain","optional":true,"computed":true},"move":{"type":"bool","description":"Indicator to move an element to the folder.","description_kind":"plain","optional":true},"rename_path":{"type":"string","description":"When the data source has to insert several rows into the database of this data source, it can insert them in batches. This number sets the number of queries per batch.","description_kind":"plain","optional":true}},"description_kind":"plain"}},"denodo_database_role":{"version":0,"block":{"attributes":{"admin":{"type":"bool","description":"Admin privilege over a database.","description_kind":"plain","optional":true},"all_privileges":{"type":"bool","description":"All privileges CONNECT, CREATE, CREATE_DATA_SOURCE, CREATE_VIEW, CREATE_DATA_SERVICE, CREATE_FOLDER, EXECUTE, METADATA, WRITE, and FILE.","description_kind":"plain","optional":true},"connect":{"type":"bool","description":"Connect privilege to the database.","description_kind":"plain","optional":true},"create":{"type":"bool","description":"Create privilege for all objects in a database.","description_kind":"plain","optional":true},"create_data_service":{"type":"bool","description":"Create data service privilege in a database.","description_kind":"plain","optional":true},"create_data_source":{"type":"bool","description":"Create data source privilege in a database.","description_kind":"plain","optional":true},"create_folder":{"type":"bool","description":"Create folder privilege in a database.","description_kind":"plain","optional":true},"create_view":{"type":"bool","description":"Create view privilege in a database.","description_kind":"plain","optional":true},"database_name":{"type":"string","description":"Name of the database the role belongs too.","description_kind":"plain","required":true},"execute":{"type":"bool","description":"Execute privilege on objects in a database.","description_kind":"plain","optional":true},"file":{"type":"bool","description":"File privilege in a database to browse through directories.","description_kind":"plain","optional":true},"grant":{"type":"bool","description":"Grant privileges on a database.","description_kind":"plain","optional":true},"id":{"type":"string","description_kind":"plain","optional":true,"computed":true},"meta_data":{"type":"bool","description":"Metadata privilege to get view information in the database.","description_kind":"plain","optional":true},"monitor_admin":{"type":"bool","description":"Monitoring admin role on the database.","description_kind":"plain","optional":true},"name":{"type":"string","description":"Name of the role being created.","description_kind":"plain","required":true},"revoke":{"type":"bool","description":"Revoke privileges on a database.","description_kind":"plain","optional":true},"scheduler_admin":{"type":"bool","description":"Scheduling admin role on the database.","description_kind":"plain","optional":true},"write":{"type":"bool","description":"Write privileges on elements in a database.","description_kind":"plain","optional":true}},"description_kind":"plain"}},"denodo_dervived_view":{"version":0,"block":{"attributes":{"database":{"type":"string","description":"Database where the base view will reside.","description_kind":"plain","required":true},"directory":{"type":"string","description":"Directory (or directories) with the sql files containing VQL to create or replace dervived views.","description_kind":"plain","optional":true},"id":{"type":"string","description_kind":"plain","optional":true,"computed":true},"objects":{"type":["list",["object",{"catalog_id":"string","create_date":"string","database_name":"string","description":"string","folder":"string","last_modification_date":"string","last_user_modifier":"string","object_name":"string","sub_type":"string","type":"string","user_creator":"string"}]],"description_kind":"plain","computed":true}},"description_kind":"plain"}},"denodo_jdbc_data_source":{"version":0,"block":{"attributes":{"batch_insert_size":{"type":"string","description":"When the data source has to insert several rows into the database of this data source, it can insert them in batches. This number sets the number of queries per batch.","description_kind":"plain","optional":true},"bcp_executable_location":{"type":"string","description":"When the data source has to insert several rows into the database of this data source, it can insert them in batches. This number sets the number of queries per batch.","description_kind":"plain","optional":true},"class_path":{"type":"string","description":"Path to the JAR file containing the JDBC driver for the specified source (optional).","description_kind":"plain","optional":true},"data_source_database_type":{"type":"string","description":"Data source database type.","description_kind":"plain","required":true},"data_source_database_version":{"type":"string","description":"Data source database version.","description_kind":"plain","required":true},"data_source_description":{"type":"string","description":"The description of the data source.","description_kind":"plain","optional":true},"database_uri":{"type":"string","description":"The connection URL to the database.","description_kind":"plain","required":true},"denodo_database":{"type":"string","description":"Database where the data source will be created.","description_kind":"plain","required":true},"driver_class_name":{"type":"string","description":"The driver class to be used for connection to the data source.","description_kind":"plain","required":true},"exhausted_action":{"type":"string","description":"Specifies the behavior of the pool when the pool is empty (all the connections are running queries). (Default value: 1)","description_kind":"plain","optional":true},"fetch_size":{"type":"string","description":"Gives the JDBC driver a hint as to the number of rows that should be fetched from the database when more rows are needed.","description_kind":"plain","optional":true},"folder":{"type":"string","description":"Name of the folder where the data source will be stored.","description_kind":"plain","optional":true},"id":{"type":"string","description_kind":"plain","optional":true,"computed":true},"ignore_trailing_spaces":{"type":"string","description":"If true, the Server removes the space characters at the end of text type values of the results returned by these data source’s views.","description_kind":"plain","optional":true},"initial_size":{"type":"number","description":"Number of connections with which the pool is initialized. (default value: 4)","description_kind":"plain","optional":true},"isolation_level":{"type":"string","description":"Sets the desired isolation level for the queries and transactions executed in the database. If not present, the data source uses the default isolation level of the database.","description_kind":"plain","optional":true},"jdbc_driver_properties":{"type":"string","description":"List of name/value pairs that will be passed to the JDBC driver when creating connection with this database.","description_kind":"plain","optional":true},"kerberos_properties":{"type":"string","description":"List of name/value pairs that will be passed to the JDBC driver when creating connection with this database. The properties on this list are meant to configure the Kerberos authentication mechanism between the Virtual DataPort server and the database. ","description_kind":"plain","optional":true},"max_active":{"type":"string","description":"Maximum number of connections that can be opened at a given time. These are the connections currently used to run queries plus the connections idle in the pool. (default value: 20)","description_kind":"plain","optional":true},"max_idle":{"type":"string","description":"Maximum number of connections that can sit idle in the pool at any time. (default value: -1)","description_kind":"plain","optional":true},"max_open_prepared_statements":{"type":"string","description":"Maximum number of opened prepared statements. Only taken into account if POOLPREPAREDSTATEMENTS is true.","description_kind":"plain","optional":true},"min_evictable_time":{"type":"string","description":"Minimum amount of time in milliseconds that a connection may sit idle in the pool before it is eligible for eviction. (default value: 1800000 - 30 minutes)","description_kind":"plain","optional":true},"name":{"type":"string","description":"Name of the data source to be created.","description_kind":"plain","required":true},"number_test_per_eviction":{"type":"string","description":"Number of connections examined in each run of the connection eviction thread. The reason for not examining all the connections of the pool in each run of the thread is because while a connection is being examined, it cannot be used by a query. (default value: 3)","description_kind":"plain","optional":true},"on_move_read":{"type":"string","description":"if true, when the Execution Engine reads data from the Netezza database to perform a data movement, it will do so using its “External tables” feature. Setting this to true is equivalent to selecting the check box “Use external tables for data movement” of the “Read settings”, on the “Read \u0026 Write” tab of the data source","description_kind":"plain","optional":true},"on_move_write":{"type":"string","description":"if true, when the Execution Engine writes data to this database to perform a data movement, it does so using its proprietary API. Setting this to yes is equivalent to selecting the check box “Use Bulk Data Load APIs” of the “Write settings”, on the “Read \u0026 Write” tab of the data source.","description_kind":"plain","optional":true},"password":{"type":"string","description":"Password to connect to the data source.","description_kind":"plain","required":true,"sensitive":true},"pool_prepared_statements":{"type":"string","description":"if true, the pool of prepared statements is enabled.","description_kind":"plain","optional":true},"sql_ldr_executable_location":{"type":"string","description":"SQLDR executable location to use bulk data load APIs. (Oracle)","description_kind":"plain","optional":true},"target_catalog":{"type":"string","description":"Target catalog to use for bulk load api work.","description_kind":"plain","optional":true},"target_schema":{"type":"string","description":"Target schema to use for bulk load api work.","description_kind":"plain","optional":true},"test_on_borrow":{"type":"string","description":"if true and the parameter VALIDATIONQUERY is not empty, the pool will execute the VALIDATIONQUERY on the selected connection before returning it to the execution engine. If the VALIDATIONQUERY fails, the pool will discard the connection and select another one. If there are no more idle connections, it will create one. (default value: true)","description_kind":"plain","optional":true},"test_on_return":{"type":"string","description":" if true and the parameter VALIDATIONQUERY is not empty, the pool will execute the VALIDATIONQUERY on the connections returned to the pool. If the VALIDATIONQUERY fails, the pool will discard the connection. (default value: false)","description_kind":"plain","optional":true},"test_while_idle":{"type":"string","description":"If true and the parameter VALIDATIONQUERY is not empty, the connections will be validated by the connection eviction thread. To validate a connection, the thread runs the validation query on the connection. If it fails, the pool drops the connection from the pool. (default value: false)","description_kind":"plain","optional":true},"time_between_eviction":{"type":"string","description":"How long in milliseconds the eviction thread should sleep before “runs” of examining idle connections. If negative, the eviction thread is not launched. (default value: -1)","description_kind":"plain","optional":true},"use_for_query_optimization":{"type":"string","description":"Data load configuration to optimize for data movement workload.","description_kind":"plain","optional":true},"username":{"type":"string","description":"Username to connect to the data source.","description_kind":"plain","required":true,"sensitive":true},"validation_query":{"type":"string","description":"SQL query executed by the connection pool to check if a connection is still valid; also known as “ping query”. It is only used when at least one of TESTONBORROW, TESTONRETURN or TESTWHILEIDLE are true. (default value: depends on the adapter)","description_kind":"plain","optional":true},"work_dir":{"type":"string","description":"Work directory used by bulk load configuration. (Oracle only)","description_kind":"plain","optional":true}},"description_kind":"plain"}},"denodo_user":{"version":0,"block":{"attributes":{"admin":{"type":"bool","description":"User type admin.","description_kind":"plain","optional":true},"description":{"type":"string","description":"The description of the user.","description_kind":"plain","optional":true},"grant":{"type":"bool","description":"Grant privileges on a role.","description_kind":"plain","optional":true},"id":{"type":"string","description_kind":"plain","optional":true,"computed":true},"password":{"type":"string","description":"Password associated to the user.","description_kind":"plain","required":true,"sensitive":true},"revoke":{"type":"bool","description":"Revoke privileges on a database.","description_kind":"plain","optional":true},"roles":{"type":"string","description":"Roles associated to the user.","description_kind":"plain","required":true},"username":{"type":"string","description":"Username to be created.","description_kind":"plain","required":true,"sensitive":true}},"description_kind":"plain"}}},"data_source_schemas":{"denodo_jdbc_data_source_object":{"version":0,"block":{"attributes":{"catalog_name":{"type":"string","description":"Name of the catalog for which you want to get the list of tables. If the data source does not support catalogs, set to null. If null and the data source does support catalogs, the procedure will return all the matching tables across all catalogs.","description_kind":"plain","optional":true},"database":{"type":"string","description":"Name of the database to which the data source belongs. If null, the procedure will use the current database.","description_kind":"plain","required":true},"id":{"type":"string","description_kind":"plain","optional":true,"computed":true},"name":{"type":"string","description":"Name of the data source for which you want to get the list of tables.","description_kind":"plain","required":true},"objects":{"type":["list",["object",{"catalog_name":"string","object_name":"string","object_type":"string","schema_name":"string"}]],"description_kind":"plain","computed":true},"schema_name":{"type":"string","description":"When the data source has to insert several rows into the database of this data source, it can insert them in batches. This number sets the number of queries per batch.","description_kind":"plain","required":true}},"description_kind":"plain"}},"denodo_object":{"version":0,"block":{"attributes":{"database":{"type":"string","description":"Database name.","description_kind":"plain","required":true},"id":{"type":"string","description_kind":"plain","optional":true,"computed":true},"object_name":{"type":"string","description":"Object name.","description_kind":"plain","optional":true},"object_type":{"type":"string","description":"Type of object to retrieve. Folders, DataSources, StoredProcedures, Wrappers, Views, WebServices, Widgets, Associations, JMSListeners","description_kind":"plain","optional":true},"objects":{"type":["list",["object",{"catalog_id":"string","create_date":"string","database_name":"string","description":"string","folder":"string","last_modification_date":"string","last_user_modifier":"string","object_name":"string","sub_type":"string","type":"string","user_creator":"string"}]],"description_kind":"plain","computed":true}},"description_kind":"plain"}}}}}}
