{"format_version":"0.2","provider_schemas":{"registry.terraform.io/budougumi0617/pixela":{"provider":{"version":0,"block":{"attributes":{"token":{"type":"string","description_kind":"plain","optional":true,"sensitive":true},"username":{"type":"string","description_kind":"plain","required":true}},"description_kind":"plain"}},"resource_schemas":{"pixela_graph":{"version":0,"block":{"attributes":{"color":{"type":"string","description_kind":"plain","required":true},"graph_id":{"type":"string","description_kind":"plain","required":true},"id":{"type":"string","description_kind":"plain","optional":true,"computed":true},"is_secret":{"type":"bool","description_kind":"plain","optional":true},"last_updated":{"type":"string","description_kind":"plain","optional":true,"computed":true},"name":{"type":"string","description_kind":"plain","required":true},"publish_optional_data":{"type":"bool","description_kind":"plain","optional":true},"self_sufficient":{"type":"string","description_kind":"plain","optional":true},"timezone":{"type":"string","description_kind":"plain","optional":true},"type":{"type":"string","description_kind":"plain","required":true},"unit":{"type":"string","description_kind":"plain","required":true}},"description_kind":"plain"}}},"data_source_schemas":{"pixela_graphs":{"version":0,"block":{"attributes":{"graphs":{"type":["list",["object",{"color":"string","id":"string","is_secret":"bool","name":"string","publish_optional_data":"bool","purge_cache_urls":["list","string"],"self_sufficient":"string","timezone":"string","type":"string","unit":"string"}]],"description_kind":"plain","computed":true},"id":{"type":"string","description_kind":"plain","required":true}},"description_kind":"plain"}}}}}}
