{"format_version":"0.2","provider_schemas":{"registry.terraform.io/burdaforward/aws-sso-scim":{"provider":{"version":0,"block":{"attributes":{"endpoint":{"type":"string","description":"Full URL of your AWS SSO SCIM endpoint. Can also be provided via `AWS_SSO_SCIM_ENDPOINT` environment variable.","description_kind":"markdown","required":true},"token":{"type":"string","description":"Authentication token of your AWS SSO SCIM endpoint. Can also be provided via `AWS_SSO_SCIM_TOKEN` environment variable.","description_kind":"markdown","required":true}},"description_kind":"plain"}},"resource_schemas":{"aws-sso-scim_group":{"version":0,"block":{"attributes":{"display_name":{"type":"string","description":"Display name for the group. This cannot be changed after creation.","description_kind":"markdown","required":true},"id":{"type":"string","description_kind":"plain","computed":true}},"description":"Creates a new group.","description_kind":"markdown"}},"aws-sso-scim_group_member":{"version":0,"block":{"attributes":{"group_id":{"type":"string","description":"Group identifier.","description_kind":"markdown","required":true},"id":{"type":"string","description_kind":"plain","optional":true,"computed":true},"user_id":{"type":"string","description":"User identifier.","description_kind":"markdown","required":true}},"description":"Assigns a user to be member of a group.","description_kind":"markdown"}},"aws-sso-scim_user":{"version":0,"block":{"attributes":{"active":{"type":"bool","description":"Set user to be active. Defaults to `false`.","description_kind":"markdown","optional":true},"display_name":{"type":"string","description":"Display name for the user.","description_kind":"markdown","required":true},"family_name":{"type":"string","description":"Family name for the user.","description_kind":"markdown","required":true},"given_name":{"type":"string","description":"Given name for the user.","description_kind":"markdown","required":true},"id":{"type":"string","description_kind":"plain","computed":true},"user_name":{"type":"string","description":"Username for the user.","description_kind":"markdown","required":true}},"description":"Creates a new user.","description_kind":"markdown"}}},"data_source_schemas":{"aws-sso-scim_group":{"version":0,"block":{"attributes":{"display_name":{"type":"string","description":"Reference by displayName attribute.","description_kind":"markdown","required":true},"id":{"type":"string","description_kind":"plain","computed":true}},"description":"Allows you to reference an existing group by display name and get the internal ID.","description_kind":"markdown"}},"aws-sso-scim_user":{"version":0,"block":{"attributes":{"display_name":{"type":"string","description_kind":"plain","computed":true},"id":{"type":"string","description_kind":"plain","computed":true},"user_name":{"type":"string","description":"Reference by userName attribute.","description_kind":"markdown","required":true}},"description":"Allows you to reference an existing user by user name and get the internal ID.","description_kind":"markdown"}}}}}}
