{"format_version":"0.2","provider_schemas":{"registry.terraform.io/bushelpowered/oncall":{"provider":{"version":0,"block":{"attributes":{"auth_type":{"type":"string","description":"Auth method for your username/password; one of: [api user]","description_kind":"plain","optional":true},"endpoint":{"type":"string","description":"Oncall endpoint to connect to, everything before '/api/v0' in the URL","description_kind":"plain","optional":true},"password":{"type":"string","description":"Password to use when connecting to oncall","description_kind":"plain","optional":true,"sensitive":true},"username":{"type":"string","description":"Username to use when connecting to oncall","description_kind":"plain","optional":true}},"description_kind":"plain"}},"resource_schemas":{"oncall_advanced_schedule":{"version":0,"block":{"attributes":{"auto_populate_days":{"type":"number","description":"How many days in advance to plan the schedule","description_kind":"plain","optional":true},"id":{"type":"string","description_kind":"plain","optional":true,"computed":true},"role":{"type":"string","description":"Name of the role, one of [primary secondary shadow manager vacation unavailable]","description_kind":"plain","required":true},"roster_id":{"type":"string","description":"Roster ID (in team/roster format) to map this schedule to","description_kind":"plain","required":true},"scheduling_algorithim":{"type":"string","description":"Scheduling algorithim to use, one of: [default round-robin]","description_kind":"plain","optional":true}},"block_types":{"shift":{"nesting_mode":"list","block":{"attributes":{"duration":{"type":"string","description":"How long this shift should be in duration shorthand, e.g. 24h, 8h, 1h30m, 3d","description_kind":"plain","required":true},"start_day_of_week":{"type":"string","description":"The day of week that this shift should start on","description_kind":"plain","required":true},"start_time":{"type":"string","description":"The time on this day that this shift should start","description_kind":"plain","required":true}},"description":"The various shifts that make up a rotation of this role","description_kind":"plain"},"min_items":1}},"description_kind":"plain"}},"oncall_basic_schedule":{"version":0,"block":{"attributes":{"auto_populate_days":{"type":"number","description":"How many days in advance to plan the schedule","description_kind":"plain","optional":true},"id":{"type":"string","description_kind":"plain","optional":true,"computed":true},"role":{"type":"string","description":"Name of the role, one of [primary secondary shadow manager vacation unavailable]","description_kind":"plain","required":true},"roster_id":{"type":"string","description":"Roster ID (in team/roster format) to map this schedule to","description_kind":"plain","required":true},"rotate_frequency":{"type":"string","description":"Rotation frequency, one of: [weekly bi-weekly]","description_kind":"plain","optional":true},"scheduling_algorithim":{"type":"string","description":"Scheduling algorithim to use, one of: [default round-robin]","description_kind":"plain","optional":true},"start_day_of_week":{"type":"string","description":"Day of week to start the schedule one, one of: [Sunday Monday Tuesday Wednesday Thursday Friday Saturday]","description_kind":"plain","required":true},"start_time":{"type":"string","description":"Start time of schedule in 24 hour time format, e.g. 13:15 for 1:15pm","description_kind":"plain","required":true}},"description_kind":"plain"}},"oncall_roster":{"version":0,"block":{"attributes":{"id":{"type":"string","description_kind":"plain","optional":true,"computed":true},"members":{"type":["set","string"],"description":"List of usernames which should be added to the roster","description_kind":"plain","required":true},"name":{"type":"string","description":"Name of the roster, if blank will default to team name","description_kind":"plain","optional":true,"computed":true},"team":{"type":"string","description":"Name of team this roster should be assigned to","description_kind":"plain","required":true}},"description_kind":"plain"}},"oncall_team":{"version":0,"block":{"attributes":{"admins":{"type":["set","string"],"description":"Authoritative list of usernames of who should admin the team","description_kind":"plain","required":true},"email":{"type":"string","description":"Email group for the entire team","description_kind":"plain","optional":true},"id":{"type":"string","description_kind":"plain","optional":true,"computed":true},"iris_plan":{"type":"string","description":"Default iris plan for this team. Allows paging from oncall","description_kind":"plain","optional":true},"name":{"type":"string","description":"Name of the team, acts as the ID as well","description_kind":"plain","required":true},"scheduling_timezone":{"type":"string","description":"Must be non-empty. Scheduling timezone of the team, should be one of values set in your oncall config -\u003e supported_timezones : https://github.com/linkedin/oncall/blob/master/configs/config.yaml#L128-L137","description_kind":"plain","optional":true},"slack_channel":{"type":"string","description":"Slack channel that this team should all be members of","description_kind":"plain","optional":true}},"description_kind":"plain"}}}}}}
