{"format_version":"0.2","provider_schemas":{"registry.terraform.io/cabiri-io/ashiba":{"provider":{"version":0,"block":{"attributes":{"alb_default_priority":{"type":"number","description_kind":"plain","optional":true},"pr_pattern":{"type":"string","description_kind":"plain","optional":true}},"description_kind":"plain"}},"resource_schemas":{"ashiba_resource":{"version":0,"block":{"attributes":{"id":{"type":"string","description_kind":"plain","optional":true,"computed":true},"sample_attribute":{"type":"string","description":"Sample attribute.","description_kind":"markdown","optional":true}},"description":"Sample resource in the Terraform provider scaffolding.","description_kind":"markdown"}}},"data_source_schemas":{"ashiba_env":{"version":0,"block":{"attributes":{"environment":{"type":"string","description":"Sample attribute.","description_kind":"markdown","computed":true},"id":{"type":"string","description_kind":"plain","optional":true,"computed":true},"is_pr":{"type":"bool","description":"Sample attribute.","description_kind":"markdown","computed":true},"is_workspace":{"type":"bool","description":"Sample attribute.","description_kind":"markdown","computed":true},"project":{"type":"string","description":"Sample attribute.","description_kind":"markdown","computed":true},"workspace":{"type":"string","description":"Sample attribute.","description_kind":"markdown","computed":true}},"description":"Sample data source in the Terraform provider scaffolding.","description_kind":"markdown"}}}}}}
