{"format_version":"0.2","provider_schemas":{"registry.terraform.io/cacique-coder/placeos":{"provider":{"version":0,"block":{"attributes":{"client_id":{"type":"string","description_kind":"plain","required":true},"client_secret":{"type":"string","description_kind":"plain","optional":true,"sensitive":true},"host":{"type":"string","description_kind":"plain","optional":true},"insecure_ssl":{"type":"bool","description_kind":"plain","optional":true},"password":{"type":"string","description_kind":"plain","optional":true,"sensitive":true},"username":{"type":"string","description_kind":"plain","optional":true}},"description_kind":"plain"}},"resource_schemas":{"placeos_driver":{"version":0,"block":{"attributes":{"commit":{"type":"string","description_kind":"plain","optional":true,"computed":true},"created_at":{"type":"number","description_kind":"plain","computed":true},"default_uri":{"type":"string","description_kind":"plain","required":true},"description":{"type":"string","description_kind":"plain","optional":true},"file_name":{"type":"string","description_kind":"plain","required":true},"id":{"type":"string","description_kind":"plain","computed":true},"ignored_connected":{"type":"bool","description_kind":"plain","optional":true,"computed":true},"module_name":{"type":"string","description_kind":"plain","required":true},"name":{"type":"string","description_kind":"plain","required":true},"repository_id":{"type":"string","description_kind":"plain","optional":true},"role":{"type":"number","description_kind":"plain","optional":true},"updated_at":{"type":"number","description_kind":"plain","computed":true}},"description_kind":"plain"}},"placeos_module":{"version":0,"block":{"attributes":{"created_at":{"type":"number","description_kind":"plain","computed":true},"custom_name":{"type":"string","description_kind":"plain","required":true},"driver_id":{"type":"string","description_kind":"plain","required":true},"id":{"type":"string","description_kind":"plain","computed":true},"ignore_connected":{"type":"bool","description_kind":"plain","optional":true},"ignore_starstop":{"type":"bool","description_kind":"plain","optional":true},"ip":{"type":"string","description_kind":"plain","optional":true},"makebreak":{"type":"bool","description_kind":"plain","optional":true},"notes":{"type":"string","description_kind":"plain","optional":true},"port":{"type":"number","description_kind":"plain","optional":true},"tls":{"type":"bool","description_kind":"plain","computed":true},"udp":{"type":"bool","description_kind":"plain","computed":true},"updated_at":{"type":"number","description_kind":"plain","computed":true},"uri":{"type":"string","description_kind":"plain","optional":true}},"description_kind":"plain"}},"placeos_repository":{"version":0,"block":{"attributes":{"branch":{"type":"string","description_kind":"plain","optional":true},"commit_hash":{"type":"string","description_kind":"plain","computed":true},"created_at":{"type":"number","description_kind":"plain","computed":true},"description":{"type":"string","description_kind":"plain","optional":true},"folder_name":{"type":"string","description_kind":"plain","required":true},"id":{"type":"string","description_kind":"plain","computed":true},"name":{"type":"string","description_kind":"plain","required":true},"password":{"type":"string","description_kind":"plain","optional":true,"sensitive":true},"repo_type":{"type":"string","description_kind":"plain","required":true},"updated_at":{"type":"number","description_kind":"plain","computed":true},"uri":{"type":"string","description_kind":"plain","required":true},"username":{"type":"string","description_kind":"plain","optional":true}},"description_kind":"plain"}},"placeos_setting":{"version":0,"block":{"attributes":{"created_at":{"type":"number","description_kind":"plain","computed":true},"encryption_level":{"type":"number","description_kind":"plain","required":true},"id":{"type":"string","description_kind":"plain","computed":true},"keys":{"type":["list","string"],"description_kind":"plain","required":true},"parent_id":{"type":"string","description_kind":"plain","required":true},"parent_type":{"type":"string","description_kind":"plain","required":true},"settings_string":{"type":"string","description_kind":"plain","required":true},"updated_at":{"type":"number","description_kind":"plain","computed":true}},"description_kind":"plain"}},"placeos_system":{"version":0,"block":{"attributes":{"bookable":{"type":"bool","description_kind":"plain","optional":true},"capacity":{"type":"number","description_kind":"plain","optional":true},"code":{"type":"string","description_kind":"plain","optional":true},"created_at":{"type":"number","description_kind":"plain","computed":true},"description":{"type":"string","description_kind":"plain","optional":true},"display_name":{"type":"string","description_kind":"plain","optional":true},"email":{"type":"string","description_kind":"plain","optional":true},"features":{"type":["list","string"],"description_kind":"plain","computed":true},"id":{"type":"string","description_kind":"plain","computed":true},"images":{"type":["list","string"],"description_kind":"plain","optional":true},"installed_ui_devices":{"type":"number","description_kind":"plain","optional":true},"map_id":{"type":"string","description_kind":"plain","optional":true},"modules":{"type":["list","string"],"description_kind":"plain","optional":true},"name":{"type":"string","description_kind":"plain","required":true},"support_url":{"type":"string","description_kind":"plain","optional":true},"timezone":{"type":"string","description_kind":"plain","optional":true},"updated_at":{"type":"number","description_kind":"plain","computed":true},"version":{"type":"number","description_kind":"plain","optional":true},"zones":{"type":["list","string"],"description_kind":"plain","required":true}},"description_kind":"plain"}},"placeos_zone":{"version":0,"block":{"attributes":{"capacity":{"type":"number","description_kind":"plain","optional":true},"code":{"type":"string","description_kind":"plain","optional":true},"count_field":{"type":"number","description_kind":"plain","optional":true},"created_at":{"type":"number","description_kind":"plain","computed":true},"description":{"type":"string","description_kind":"plain","optional":true},"display_name":{"type":"string","description_kind":"plain","optional":true},"id":{"type":"string","description_kind":"plain","computed":true},"location":{"type":"string","description_kind":"plain","optional":true},"map_id":{"type":"string","description_kind":"plain","optional":true},"name":{"type":"string","description_kind":"plain","required":true},"parent_id":{"type":"string","description_kind":"plain","optional":true},"tags":{"type":["list","string"],"description_kind":"plain","required":true},"type":{"type":"string","description_kind":"plain","optional":true},"updated_at":{"type":"number","description_kind":"plain","computed":true}},"description_kind":"plain"}}},"data_source_schemas":{"placeos_repositories":{"version":0,"block":{"attributes":{"id":{"type":"string","description_kind":"plain","optional":true,"computed":true},"repositories":{"type":["list",["object",{"branch":"string","commit_hash":"string","created_at":"number","description":"string","folder_name":"string","id":"string","name":"string","password":"string","repo_type":"string","updated_at":"number","uri":"string","username":"string"}]],"description_kind":"plain","computed":true}},"description_kind":"plain"}}}}}}
