{"format_version":"0.2","provider_schemas":{"registry.terraform.io/callensm/solana":{"provider":{"version":0,"block":{"attributes":{"cluster":{"type":"string","description":"Name of the Solana cluster to target. This field is mutually exclusive with `endpoint`.","description_kind":"markdown","optional":true},"endpoint":{"type":"string","description":"The RPC endpoint for the target Solana cluster. This field is mutually exclusive with `cluster`.","description_kind":"markdown","optional":true}},"description_kind":"plain"}},"resource_schemas":{"solana_random_keypair":{"version":0,"block":{"attributes":{"id":{"type":"string","description_kind":"plain","optional":true,"computed":true},"private_key":{"type":"string","description":"The randomly generated private key.","description_kind":"markdown","computed":true,"sensitive":true},"public_key":{"type":"string","description":"The randomly generated public key.","description_kind":"markdown","computed":true}},"description_kind":"plain"}}},"data_source_schemas":{"solana_account":{"version":0,"block":{"attributes":{"data":{"type":"string","description":"Data associated with the account, either as encoded binary data or JSON depending on the value of `encoding`.","description_kind":"markdown","computed":true},"encoding":{"type":"string","description":"Desired encoding for returned transaction data (`json`, `jsonParsed`, `base58`, `base64`). Defaults to `base64`.","description_kind":"markdown","optional":true},"executable":{"type":"bool","description":"Indicates whether the account contains a program.","description_kind":"markdown","computed":true},"id":{"type":"string","description_kind":"plain","optional":true,"computed":true},"lamports":{"type":"number","description":"Number of lamports assigned to the account.","description_kind":"markdown","computed":true},"owner":{"type":"string","description":"Base-58 encoded public key of the program the account is assigned to.","description_kind":"markdown","computed":true},"public_key":{"type":"string","description":"Base-58 encoded public key of the account to query.","description_kind":"markdown","required":true},"rent_epoch":{"type":"number","description":"The epoch at which this account will next owe rent.","description_kind":"markdown","computed":true}},"description":"[(JSON RPC)](https://docs.solana.com/developing/clients/jsonrpc-api#getaccountinfo) Provides all information associated with the account of the provided public key","description_kind":"markdown"}},"solana_address_signatures":{"version":0,"block":{"attributes":{"address":{"type":"string","description":"Account address as a base-58 encoded string.","description_kind":"markdown","required":true},"id":{"type":"string","description_kind":"plain","optional":true,"computed":true},"results":{"type":["list",["object",{"block_time":"number","memo":"string","signature":"string","slot":"number"}]],"description":"A list of transaction signature information, ordered from newest to oldest transaction.","description_kind":"markdown","computed":true}},"block_types":{"search_options":{"nesting_mode":"list","block":{"attributes":{"after":{"type":"string","description":"Search until this transaction signature or the response limit is reached.","description_kind":"markdown","optional":true},"before":{"type":"string","description":"Start searching backwards from this transaction signature. If not provided the search starts from the top of the highest max confirmed block.","description_kind":"markdown","optional":true},"limit":{"type":"number","description":"Maximum transaction signatures to return (between 1 and 1,000). Defaults to `500`.","description_kind":"markdown","optional":true}},"description":"Optional parameters to define a custom search time box for the signatures.","description_kind":"markdown"},"max_items":1}},"description":"[(JSON RPC)](https://docs.solana.com/developing/clients/jsonrpc-api#getsignaturesforaddress) Returns confirmed signatures for transactions involving an address backwards in time from the provided signature or most recent confirmed block.","description_kind":"markdown"}},"solana_balance":{"version":0,"block":{"attributes":{"balance":{"type":"number","description":"The balance of the queried account.","description_kind":"markdown","computed":true},"id":{"type":"string","description_kind":"plain","optional":true,"computed":true},"public_key":{"type":"string","description":"Base-58 encoded public key of the account to query.","description_kind":"markdown","required":true}},"description":"[(JSON RPC)](https://docs.solana.com/developing/clients/jsonrpc-api#getbalance) Provides the balance of the account of the provided public key.","description_kind":"markdown"}},"solana_epoch":{"version":0,"block":{"attributes":{"absolute_slot":{"type":"number","description":"The current absolute slot in the epoch.","description_kind":"markdown","computed":true},"block_height":{"type":"number","description":"The current block height.","description_kind":"markdown","computed":true},"epoch":{"type":"number","description":"The current epoch count.","description_kind":"markdown","computed":true},"id":{"type":"string","description_kind":"plain","optional":true,"computed":true},"slot_index":{"type":"number","description":"The current slot relative to the start of the current epoch.","description_kind":"markdown","computed":true},"slots_in_epoch":{"type":"number","description":"The number of slots in this epoch.","description_kind":"markdown","computed":true}},"description":"[(JSON RPC)](https://docs.solana.com/developing/clients/jsonrpc-api#getepochinfo) Provides all of the relevant information about the current epoch.","description_kind":"markdown"}},"solana_node_identity":{"version":0,"block":{"attributes":{"id":{"type":"string","description_kind":"plain","optional":true,"computed":true},"public_key":{"type":"string","description":"The identity public key of the current node as a base-58 encoded string.","description_kind":"markdown","computed":true}},"description":"[(JSON RPC)](https://docs.solana.com/developing/clients/jsonrpc-api#getidentity) Provides the identity public key for the current node.","description_kind":"markdown"}},"solana_recent_blockhash":{"version":0,"block":{"attributes":{"blockhash":{"type":"string","description":"Base-58 encoded hash string of the block.","description_kind":"markdown","computed":true},"id":{"type":"string","description_kind":"plain","optional":true,"computed":true},"lamports_per_signature":{"type":"number","description":"The lamports cost per signature of the block.","description_kind":"markdown","computed":true}},"description":"[(JSON RPC)](https://docs.solana.com/developing/clients/jsonrpc-api#getrecentblockhash) Retrieves a recent block hash from the ledger and the associated cost in lamports per signature on a new transaction for that block.","description_kind":"markdown"}},"solana_rent_exemption_cost":{"version":0,"block":{"attributes":{"data_length":{"type":"number","description":"The length of the data stored in the account.","description_kind":"markdown","required":true},"id":{"type":"string","description_kind":"plain","optional":true,"computed":true},"lamports":{"type":"number","description":"The calculated minimum cost of rent exemption for the account size.","description_kind":"markdown","computed":true}},"description":"[(JSON RPC)](https://docs.solana.com/developing/clients/jsonrpc-api#getminimumbalanceforrentexemption) Provides the minimum balance required to make an account rent exempt in lamports.","description_kind":"markdown"}},"solana_signature_status":{"version":0,"block":{"attributes":{"confirmations":{"type":"number","description":"Number of blocks since the signature confirmation and finalized by a supermajority of the cluster. If `-1` then it is the root.","description_kind":"markdown","computed":true},"id":{"type":"string","description_kind":"plain","optional":true,"computed":true},"search_transaction_history":{"type":"bool","description":"If `true`, a Solana node will search its ledger cache for the signature if not found in the recent status cache. Defaults to `false`.","description_kind":"markdown","optional":true},"signature":{"type":"string","description":"The transaction signature to confirm status as a base-58 encoded string.","description_kind":"markdown","required":true},"slot":{"type":"number","description":"The slot the transaction was processed.","description_kind":"markdown","computed":true},"status":{"type":"string","description":"The transaction's cluster confirmation status (`processed`, `confirmed`, or `finalized`).","description_kind":"markdown","computed":true}},"description":"[(JSON RPC)](https://docs.solana.com/developing/clients/jsonrpc-api#getsignaturestatuses) Provides the status for the inputted signature.","description_kind":"markdown"}},"solana_supply":{"version":0,"block":{"attributes":{"circulating":{"type":"number","description":"Circulating supply in lamports.","description_kind":"markdown","computed":true},"id":{"type":"string","description_kind":"plain","optional":true,"computed":true},"non_circulating":{"type":"number","description":"Non-circulating supply in lamports.","description_kind":"markdown","computed":true},"total":{"type":"number","description":"Total supply of lamports.","description_kind":"markdown","computed":true}},"description":"[(JSON RPC)](https://docs.solana.com/developing/clients/jsonrpc-api#getsupply) Provides information about the current supply on the network.","description_kind":"markdown"}},"solana_token_supply":{"version":0,"block":{"attributes":{"amount":{"type":"string","description":"The raw total token supply without decimals.","description_kind":"markdown","computed":true},"decimals":{"type":"number","description":"Number of base-10 digits to the right of the decimal place.","description_kind":"markdown","computed":true},"id":{"type":"string","description_kind":"plain","optional":true,"computed":true},"minter_public_key":{"type":"string","description":"Public key of the token Mint to query as a base-58 encoded string.","description_kind":"markdown","required":true},"ui_amount":{"type":"string","description":"The total token supply using mint-prescribed decimals","description_kind":"markdown","computed":true}},"description":"[(JSON RPC)](https://docs.solana.com/developing/clients/jsonrpc-api#gettokensupply) Provides details about the total supply of an SPL Token type.","description_kind":"markdown"}},"solana_transaction":{"version":0,"block":{"attributes":{"block_time":{"type":"number","description":"The estimated production time as a Unix timestamp of when the transaction was processed.","description_kind":"markdown","computed":true},"encoding":{"type":"string","description":"Desired encoding for returned transaction data (`json`, `jsonParsed`, `base58`, `base64`). Defaults to `base64`.","description_kind":"markdown","optional":true},"id":{"type":"string","description_kind":"plain","optional":true,"computed":true},"signature":{"type":"string","description":"Transaction signature as a base-58 encoded string.","description_kind":"markdown","required":true},"slot":{"type":"number","description":"The slot in which the transaction was processed.","description_kind":"markdown","computed":true}},"description":"[(JSON RPC)](https://docs.solana.com/developing/clients/jsonrpc-api#gettransaction) Provides the details for a confirmed transaction.","description_kind":"markdown"}},"solana_version":{"version":0,"block":{"attributes":{"feature_set":{"type":"number","description":"A unique identifier of the current software's feature set.","description_kind":"markdown","computed":true},"id":{"type":"string","description_kind":"plain","optional":true,"computed":true},"solana_core":{"type":"string","description":"Software version of `solana-core` running on the node.","description_kind":"markdown","computed":true}},"description":"[(JSON RPC)](https://docs.solana.com/developing/clients/jsonrpc-api#getversion) Provides the current Solana software version running on the network node.","description_kind":"markdown"}}}}}}
