{"format_version":"0.2","provider_schemas":{"registry.terraform.io/callensm/dropbox":{"provider":{"version":0,"block":{"attributes":{"access_token":{"type":"string","description":"Dropbox API access token generated from console","description_kind":"plain","optional":true,"sensitive":true}},"description_kind":"plain"}},"resource_schemas":{"dropbox_file":{"version":0,"block":{"attributes":{"auto_rename":{"type":"bool","description_kind":"plain","optional":true},"content":{"type":"string","description_kind":"plain","required":true},"hash":{"type":"string","description":"A generated hash of the uploaded content","description_kind":"plain","computed":true},"id":{"type":"string","description_kind":"plain","optional":true,"computed":true},"mode":{"type":"string","description":"Valid formats modes: add, overwrite, and update","description_kind":"plain","optional":true},"mute":{"type":"bool","description_kind":"plain","optional":true},"path":{"type":"string","description_kind":"plain","required":true},"size":{"type":"number","description":"The size of the uploaded data in bytes","description_kind":"plain","computed":true}},"description_kind":"plain"}},"dropbox_file_members":{"version":0,"block":{"attributes":{"access_level":{"type":"string","description_kind":"plain","optional":true},"file_id":{"type":"string","description_kind":"plain","required":true},"id":{"type":"string","description_kind":"plain","optional":true,"computed":true},"members":{"type":["set","string"],"description_kind":"plain","required":true},"message":{"type":"string","description_kind":"plain","optional":true},"quiet":{"type":"bool","description_kind":"plain","optional":true}},"description_kind":"plain"}},"dropbox_folder":{"version":0,"block":{"attributes":{"auto_rename":{"type":"bool","description_kind":"plain","optional":true},"folder_id":{"type":"string","description_kind":"plain","computed":true},"id":{"type":"string","description_kind":"plain","optional":true,"computed":true},"name":{"type":"string","description_kind":"plain","computed":true},"path":{"type":"string","description_kind":"plain","required":true},"property_group_templates":{"type":["list","string"],"description":"List of template IDs corresponding to the associated folder property groups","description_kind":"plain","optional":true,"computed":true}},"description_kind":"plain"}},"dropbox_folder_members":{"version":0,"block":{"attributes":{"folder_id":{"type":"string","description_kind":"plain","required":true},"id":{"type":"string","description_kind":"plain","optional":true,"computed":true},"message":{"type":"string","description_kind":"plain","optional":true},"quiet":{"type":"bool","description_kind":"plain","optional":true}},"block_types":{"members":{"nesting_mode":"list","block":{"attributes":{"access_level":{"type":"string","description_kind":"plain","optional":true},"identity":{"type":"string","description_kind":"plain","required":true}},"description_kind":"plain"},"min_items":1}},"description_kind":"plain"}},"dropbox_paper_doc":{"version":0,"block":{"attributes":{"content":{"type":"string","description_kind":"plain","required":true},"doc_id":{"type":"string","description_kind":"plain","computed":true},"id":{"type":"string","description_kind":"plain","optional":true,"computed":true},"import_format":{"type":"string","description":"Valid formats include: html, markdown, plain_text, other","description_kind":"plain","required":true},"parent_folder":{"type":"string","description":"Unique identifier for the folder used as the destination","description_kind":"plain","optional":true},"revision":{"type":"number","description_kind":"plain","computed":true},"title":{"type":"string","description_kind":"plain","computed":true}},"description_kind":"plain"}},"dropbox_paper_doc_users":{"version":0,"block":{"attributes":{"doc_id":{"type":"string","description_kind":"plain","required":true},"id":{"type":"string","description_kind":"plain","optional":true,"computed":true},"message":{"type":"string","description_kind":"plain","optional":true},"quiet":{"type":"bool","description_kind":"plain","optional":true},"shared_users":{"type":["list","string"],"description":"Computed list of emails of those users invited and actively sharing the document","description_kind":"plain","computed":true}},"block_types":{"members":{"nesting_mode":"list","block":{"attributes":{"identity":{"type":"string","description_kind":"plain","required":true},"permissions":{"type":"string","description":"Value must be either `edit` or `view_and_comment`","description_kind":"plain","optional":true}},"description_kind":"plain"},"min_items":1}},"description_kind":"plain"}},"dropbox_paper_sharing_policy":{"version":0,"block":{"attributes":{"doc_id":{"type":"string","description_kind":"plain","required":true},"id":{"type":"string","description_kind":"plain","optional":true,"computed":true},"public_policy":{"type":"string","description_kind":"plain","optional":true},"team_policy":{"type":"string","description_kind":"plain","optional":true}},"description_kind":"plain"}}},"data_source_schemas":{"dropbox_paper_folder":{"version":0,"block":{"attributes":{"doc_id":{"type":"string","description_kind":"plain","required":true},"folders":{"type":["list",["object",{"id":"string","name":"string"}]],"description":"List of folders that contain the document reference","description_kind":"plain","computed":true},"id":{"type":"string","description_kind":"plain","optional":true,"computed":true}},"description_kind":"plain"}},"dropbox_paper_sharing_policy":{"version":0,"block":{"attributes":{"doc_id":{"type":"string","description_kind":"plain","required":true},"id":{"type":"string","description_kind":"plain","optional":true,"computed":true},"public_policy":{"type":"string","description_kind":"plain","optional":true,"computed":true},"team_policy":{"type":"string","description_kind":"plain","optional":true,"computed":true}},"description_kind":"plain"}},"dropbox_space_usage":{"version":0,"block":{"attributes":{"allocated":{"type":"number","description_kind":"plain","computed":true},"id":{"type":"string","description_kind":"plain","optional":true,"computed":true},"is_team_allocation":{"type":"bool","description_kind":"plain","computed":true},"used":{"type":"number","description_kind":"plain","computed":true}},"description_kind":"plain"}},"dropbox_user_current":{"version":0,"block":{"attributes":{"account_id":{"type":"string","description_kind":"plain","computed":true},"account_type":{"type":"string","description_kind":"plain","computed":true},"display_name":{"type":"string","description_kind":"plain","computed":true},"email":{"type":"string","description_kind":"plain","computed":true},"id":{"type":"string","description_kind":"plain","optional":true,"computed":true}},"description_kind":"plain"}}}}}}
