{"format_version":"0.2","provider_schemas":{"registry.terraform.io/camaoag/pinto":{"provider":{"version":0,"block":{"attributes":{"api_key":{"type":"string","description_kind":"plain","optional":true},"base_url":{"type":"string","description_kind":"plain","required":true},"client_id":{"type":"string","description_kind":"plain","optional":true},"client_scope":{"type":"string","description_kind":"plain","optional":true},"client_secret":{"type":"string","description_kind":"plain","optional":true,"sensitive":true},"credentials_id":{"type":"string","description_kind":"plain","required":true},"pinto_environment":{"type":"string","description_kind":"plain","optional":true},"pinto_provider":{"type":"string","description_kind":"plain","optional":true},"token_url":{"type":"string","description_kind":"plain","optional":true}},"description_kind":"plain"}},"resource_schemas":{"pinto_dns_record":{"version":0,"block":{"attributes":{"class":{"type":"string","description_kind":"plain","optional":true},"data":{"type":"string","description_kind":"plain","required":true},"id":{"type":"string","description_kind":"plain","optional":true,"computed":true},"name":{"type":"string","description_kind":"plain","required":true},"pinto_environment":{"type":"string","description_kind":"plain","optional":true},"pinto_provider":{"type":"string","description_kind":"plain","optional":true},"ttl":{"type":"number","description_kind":"plain","optional":true},"type":{"type":"string","description_kind":"plain","required":true},"zone":{"type":"string","description_kind":"plain","required":true}},"description_kind":"plain"}},"pinto_dns_zone":{"version":0,"block":{"attributes":{"id":{"type":"string","description_kind":"plain","optional":true,"computed":true},"name":{"type":"string","description_kind":"plain","required":true},"pinto_environment":{"type":"string","description_kind":"plain","optional":true},"pinto_provider":{"type":"string","description_kind":"plain","optional":true}},"description_kind":"plain"}}},"data_source_schemas":{"pinto_dns_record":{"version":0,"block":{"attributes":{"class":{"type":"string","description_kind":"plain","computed":true},"data":{"type":"string","description_kind":"plain","computed":true},"id":{"type":"string","description_kind":"plain","computed":true},"name":{"type":"string","description_kind":"plain","required":true},"pinto_environment":{"type":"string","description_kind":"plain","optional":true},"pinto_provider":{"type":"string","description_kind":"plain","optional":true},"ttl":{"type":"number","description_kind":"plain","computed":true},"type":{"type":"string","description_kind":"plain","required":true},"zone":{"type":"string","description_kind":"plain","required":true}},"description_kind":"plain"}},"pinto_dns_records":{"version":0,"block":{"attributes":{"id":{"type":"string","description_kind":"plain","computed":true},"name":{"type":"string","description_kind":"plain","optional":true},"pinto_environment":{"type":"string","description_kind":"plain","optional":true},"pinto_provider":{"type":"string","description_kind":"plain","optional":true},"record_type":{"type":"string","description_kind":"plain","optional":true},"records":{"type":["list",["object",{"class":"string","data":"string","id":"string","name":"string","ttl":"number","type":"string"}]],"description_kind":"plain","computed":true},"zone":{"type":"string","description_kind":"plain","required":true}},"description_kind":"plain"}},"pinto_dns_zone":{"version":0,"block":{"attributes":{"id":{"type":"string","description_kind":"plain","computed":true},"name":{"type":"string","description_kind":"plain","required":true},"pinto_environment":{"type":"string","description_kind":"plain","optional":true},"pinto_provider":{"type":"string","description_kind":"plain","optional":true}},"description_kind":"plain"}},"pinto_dns_zones":{"version":0,"block":{"attributes":{"id":{"type":"string","description_kind":"plain","computed":true},"pinto_environment":{"type":"string","description_kind":"plain","optional":true},"pinto_provider":{"type":"string","description_kind":"plain","optional":true},"zones":{"type":["list",["object",{"id":"string","name":"string"}]],"description_kind":"plain","computed":true}},"description_kind":"plain"}}}}}}
