{"format_version":"0.2","provider_schemas":{"registry.terraform.io/camptocamp/jwt":{"provider":{"version":0,"block":{"description_kind":"plain"}},"resource_schemas":{"jwt_hashed_token":{"version":0,"block":{"attributes":{"algorithm":{"type":"string","description":"Signing algorithm to use","description_kind":"plain","optional":true},"claims_json":{"type":"string","description":"The token's claims, as a JSON document","description_kind":"plain","required":true},"id":{"type":"string","description_kind":"plain","optional":true,"computed":true},"secret":{"type":"string","description":"HMAC secret to sign the JWT with","description_kind":"plain","required":true,"sensitive":true},"token":{"type":"string","description_kind":"plain","computed":true}},"description_kind":"plain"}},"jwt_signed_token":{"version":0,"block":{"attributes":{"algorithm":{"type":"string","description":"Signing algorithm to use","description_kind":"plain","required":true},"claims_json":{"type":"string","description":"The token's claims, as a JSON document","description_kind":"plain","required":true},"id":{"type":"string","description_kind":"plain","optional":true,"computed":true},"key":{"type":"string","description":"PEM-formated key to sign the JWT with","description_kind":"plain","required":true,"sensitive":true},"token":{"type":"string","description_kind":"plain","computed":true}},"description_kind":"plain"}}}}}}
