{"format_version":"0.2","provider_schemas":{"registry.terraform.io/camptocamp/geoserver":{"provider":{"version":0,"block":{"attributes":{"insecure":{"type":"bool","description":"Whether to verify the server's SSL certificate","description_kind":"plain","optional":true},"password":{"type":"string","description":"Password to use for connection","description_kind":"plain","optional":true},"url":{"type":"string","description":"The Geoserver URL","description_kind":"plain","optional":true},"username":{"type":"string","description":"Username to use for connection","description_kind":"plain","optional":true}},"description_kind":"plain"}},"resource_schemas":{"geoserver_datastore":{"version":0,"block":{"attributes":{"connection_params":{"type":["map","string"],"description_kind":"plain","required":true},"default":{"type":"bool","description_kind":"plain","optional":true},"description":{"type":"string","description_kind":"plain","optional":true},"enabled":{"type":"bool","description_kind":"plain","optional":true},"id":{"type":"string","description_kind":"plain","optional":true,"computed":true},"name":{"type":"string","description_kind":"plain","required":true},"workspace_name":{"type":"string","description_kind":"plain","required":true}},"description_kind":"plain"}},"geoserver_featuretype":{"version":0,"block":{"attributes":{"abstract":{"type":"string","description_kind":"plain","optional":true},"datastore_name":{"type":"string","description_kind":"plain","optional":true},"enabled":{"type":"bool","description_kind":"plain","optional":true},"id":{"type":"string","description_kind":"plain","optional":true,"computed":true},"lat_lon_bounding_box_crs_class":{"type":"string","description_kind":"plain","optional":true},"lat_lon_bounding_box_crs_value":{"type":"string","description_kind":"plain","optional":true},"lat_lon_bounding_box_max_x":{"type":"number","description_kind":"plain","optional":true},"lat_lon_bounding_box_max_y":{"type":"number","description_kind":"plain","optional":true},"lat_lon_bounding_box_min_x":{"type":"number","description_kind":"plain","optional":true},"lat_lon_bounding_box_min_y":{"type":"number","description_kind":"plain","optional":true},"metadata":{"type":["map","string"],"description_kind":"plain","optional":true},"name":{"type":"string","description_kind":"plain","required":true},"native_bounding_box_crs_class":{"type":"string","description_kind":"plain","optional":true},"native_bounding_box_crs_value":{"type":"string","description_kind":"plain","optional":true},"native_bounding_box_max_x":{"type":"number","description_kind":"plain","optional":true},"native_bounding_box_max_y":{"type":"number","description_kind":"plain","optional":true},"native_bounding_box_min_x":{"type":"number","description_kind":"plain","optional":true},"native_bounding_box_min_y":{"type":"number","description_kind":"plain","optional":true},"native_crs_class":{"type":"string","description_kind":"plain","optional":true},"native_crs_value":{"type":"string","description_kind":"plain","optional":true},"native_name":{"type":"string","description_kind":"plain","required":true},"projection_policy":{"type":"string","description_kind":"plain","required":true},"srs":{"type":"string","description_kind":"plain","required":true},"title":{"type":"string","description_kind":"plain","optional":true},"workspace_name":{"type":"string","description_kind":"plain","required":true}},"block_types":{"attribute":{"nesting_mode":"set","block":{"attributes":{"binding":{"type":"string","description_kind":"plain","required":true},"max_occurs":{"type":"number","description_kind":"plain","required":true},"min_occurs":{"type":"number","description_kind":"plain","required":true},"name":{"type":"string","description_kind":"plain","required":true},"nillable":{"type":"bool","description_kind":"plain","required":true}},"description_kind":"plain"},"min_items":1}},"description_kind":"plain"}},"geoserver_workspace":{"version":0,"block":{"attributes":{"default":{"type":"bool","description_kind":"plain","optional":true},"id":{"type":"string","description_kind":"plain","optional":true,"computed":true},"isolated":{"type":"bool","description_kind":"plain","optional":true},"name":{"type":"string","description_kind":"plain","required":true}},"description_kind":"plain"}}}}}}
