{"format_version":"0.2","provider_schemas":{"registry.terraform.io/cappyzawa/christmas-tree":{"provider":{"version":0,"block":{"description_kind":"plain"}},"resource_schemas":{"christmas-tree":{"version":0,"block":{"attributes":{"ball_color":{"type":"string","description":"Color of decorating balls. available colors: `black`, `red`, `green`, `yellow`, `blue`, `magenta`, `cyan`, `white`, `default`.","description_kind":"markdown","optional":true},"id":{"type":"string","description_kind":"plain","optional":true,"computed":true},"light_color":{"type":"string","description":"Light of decorating lights. available colors: `black`, `red`, `green`, `yellow`, `blue`, `magenta`, `cyan`, `white`, `default`.","description_kind":"markdown","optional":true},"path":{"type":"string","description":"Path of target file","description_kind":"markdown","required":true},"star_color":{"type":"string","description":"Color of decorating stars. available colors: `black`, `red`, `green`, `yellow`, `blue`, `magenta`, `cyan`, `white`, `default`.","description_kind":"markdown","optional":true}},"description":"This resource provides virtual christmas tree to your machine.","description_kind":"markdown"}}},"data_source_schemas":{"christmas-tree":{"version":0,"block":{"attributes":{"id":{"type":"string","description_kind":"plain","optional":true,"computed":true},"path":{"type":"string","description_kind":"plain","required":true},"tree":{"type":"string","description_kind":"plain","optional":true,"computed":true}},"description_kind":"plain"}}}}}}
