{"format_version":"0.2","provider_schemas":{"registry.terraform.io/cased/cased":{"provider":{"version":0,"block":{"attributes":{"api_url":{"type":"string","description_kind":"plain","optional":true},"workflows_api_key":{"type":"string","description_kind":"plain","required":true}},"description_kind":"plain"}},"resource_schemas":{"cased_workflow":{"version":0,"block":{"attributes":{"created_at":{"type":"string","description_kind":"plain","optional":true,"computed":true},"id":{"type":"string","description_kind":"plain","optional":true,"computed":true},"name":{"type":"string","description_kind":"plain","optional":true},"updated_at":{"type":"string","description_kind":"plain","optional":true,"computed":true}},"block_types":{"conditions":{"nesting_mode":"list","block":{"attributes":{"field":{"type":"string","description_kind":"plain","required":true},"operator":{"type":"string","description_kind":"plain","required":true},"value":{"type":"string","description_kind":"plain","required":true}},"description_kind":"plain"},"max_items":1000},"controls":{"nesting_mode":"list","block":{"attributes":{"authentication":{"type":"bool","description_kind":"plain","optional":true},"reason":{"type":"bool","description_kind":"plain","optional":true}},"block_types":{"approval":{"nesting_mode":"list","block":{"attributes":{"count":{"type":"number","description_kind":"plain","optional":true},"duration":{"type":"number","description_kind":"plain","optional":true},"self_approval":{"type":"bool","description_kind":"plain","optional":true},"timeout":{"type":"number","description_kind":"plain","optional":true}},"block_types":{"responders":{"nesting_mode":"list","block":{"block_types":{"responder":{"nesting_mode":"list","block":{"attributes":{"name":{"type":"string","description_kind":"plain","required":true},"required":{"type":"bool","description_kind":"plain","optional":true}},"description_kind":"plain"}}},"description_kind":"plain"}},"sources":{"nesting_mode":"list","block":{"attributes":{"email":{"type":"bool","description_kind":"plain","optional":true}},"block_types":{"slack":{"nesting_mode":"list","block":{"attributes":{"channel":{"type":"string","description_kind":"plain","required":true}},"description_kind":"plain"}}},"description_kind":"plain"}}},"description_kind":"plain"}}},"description_kind":"plain"},"min_items":1,"max_items":1}},"description_kind":"plain"}}}}}}
