{"format_version":"0.2","provider_schemas":{"registry.terraform.io/castai/castai":{"provider":{"version":0,"block":{"attributes":{"api_token":{"type":"string","description":"The token used to connect to CAST.AI API.","description_kind":"plain","required":true},"api_url":{"type":"string","description":"CAST.AI API url.","description_kind":"plain","optional":true}},"description_kind":"plain"}},"resource_schemas":{"castai_cluster":{"version":0,"block":{"attributes":{"credentials":{"type":["set","string"],"description_kind":"plain","required":true},"id":{"type":"string","description_kind":"plain","optional":true,"computed":true},"kubeconfig":{"type":["list",["object",{"client_certificate":"string","client_key":"string","cluster_ca_certificate":"string","host":"string","raw_config":"string"}]],"description_kind":"plain","computed":true},"name":{"type":"string","description_kind":"plain","required":true},"region":{"type":"string","description_kind":"plain","required":true},"status":{"type":"string","description_kind":"plain","optional":true,"computed":true},"vpn_type":{"type":"string","description_kind":"plain","optional":true}},"block_types":{"autoscaler_policies":{"nesting_mode":"list","block":{"attributes":{"enabled":{"type":"bool","description_kind":"plain","optional":true}},"block_types":{"cluster_limits":{"nesting_mode":"list","block":{"attributes":{"enabled":{"type":"bool","description_kind":"plain","optional":true}},"block_types":{"cpu":{"nesting_mode":"list","block":{"attributes":{"max_cores":{"type":"number","description_kind":"plain","optional":true},"min_cores":{"type":"number","description_kind":"plain","optional":true}},"description_kind":"plain"},"max_items":1}},"description_kind":"plain"},"max_items":1},"node_downscaler":{"nesting_mode":"list","block":{"block_types":{"empty_nodes":{"nesting_mode":"list","block":{"attributes":{"delay_seconds":{"type":"number","description_kind":"plain","optional":true},"enabled":{"type":"bool","description_kind":"plain","optional":true}},"description_kind":"plain"},"max_items":1}},"description_kind":"plain"},"max_items":1},"spot_instances":{"nesting_mode":"list","block":{"attributes":{"clouds":{"type":["list","string"],"description_kind":"plain","optional":true},"enabled":{"type":"bool","description_kind":"plain","optional":true}},"description_kind":"plain"},"max_items":1},"unschedulable_pods":{"nesting_mode":"list","block":{"attributes":{"enabled":{"type":"bool","description_kind":"plain","optional":true}},"block_types":{"headroom":{"nesting_mode":"list","block":{"attributes":{"cpu_percentage":{"type":"number","description_kind":"plain","optional":true},"enabled":{"type":"bool","description_kind":"plain","optional":true},"memory_percentage":{"type":"number","description_kind":"plain","optional":true}},"description_kind":"plain"},"max_items":1},"node_constraints":{"nesting_mode":"list","block":{"attributes":{"enabled":{"type":"bool","description_kind":"plain","optional":true},"max_node_cpu_cores":{"type":"number","description_kind":"plain","optional":true},"max_node_ram_gib":{"type":"number","description_kind":"plain","optional":true},"min_node_cpu_cores":{"type":"number","description_kind":"plain","optional":true},"min_node_ram_gib":{"type":"number","description_kind":"plain","optional":true}},"description_kind":"plain"},"max_items":1}},"description_kind":"plain"},"max_items":1}},"description_kind":"plain"},"max_items":1},"initialize_params":{"nesting_mode":"list","block":{"block_types":{"nodes":{"nesting_mode":"list","block":{"attributes":{"cloud":{"type":"string","description_kind":"plain","required":true},"role":{"type":"string","description_kind":"plain","required":true},"shape":{"type":"string","description_kind":"plain","required":true}},"description_kind":"plain"},"min_items":1}},"description_kind":"plain"},"min_items":1,"max_items":1},"timeouts":{"nesting_mode":"single","block":{"attributes":{"create":{"type":"string","description_kind":"plain","optional":true},"delete":{"type":"string","description_kind":"plain","optional":true},"update":{"type":"string","description_kind":"plain","optional":true}},"description_kind":"plain"}}},"description_kind":"plain"}},"castai_credentials":{"version":0,"block":{"attributes":{"cloud":{"type":"string","description_kind":"plain","computed":true},"id":{"type":"string","description_kind":"plain","optional":true,"computed":true},"name":{"type":"string","description_kind":"plain","required":true}},"block_types":{"aws":{"nesting_mode":"list","block":{"attributes":{"access_key_id":{"type":"string","description_kind":"plain","required":true,"sensitive":true},"secret_access_key":{"type":"string","description_kind":"plain","required":true,"sensitive":true}},"description_kind":"plain"},"max_items":1},"azure":{"nesting_mode":"list","block":{"attributes":{"service_principal_json":{"type":"string","description_kind":"plain","required":true,"sensitive":true}},"description_kind":"plain"},"max_items":1},"do":{"nesting_mode":"list","block":{"attributes":{"token":{"type":"string","description_kind":"plain","required":true,"sensitive":true}},"description_kind":"plain"},"max_items":1},"gcp":{"nesting_mode":"list","block":{"attributes":{"service_account_json":{"type":"string","description_kind":"plain","required":true,"sensitive":true}},"description_kind":"plain"},"max_items":1}},"description_kind":"plain"}}},"data_source_schemas":{"castai_cluster":{"version":0,"block":{"attributes":{"autoscaler_policies":{"type":["list",["object",{"cluster_limits":["list",["object",{"cpu":["list",["object",{"max_cores":"number","min_cores":"number"}]],"enabled":"bool"}]],"enabled":"bool","node_downscaler":["list",["object",{"empty_nodes":["list",["object",{"delay_seconds":"number","enabled":"bool"}]]}]],"spot_instances":["list",["object",{"clouds":["list","string"],"enabled":"bool"}]],"unschedulable_pods":["list",["object",{"enabled":"bool","headroom":["list",["object",{"cpu_percentage":"number","enabled":"bool","memory_percentage":"number"}]],"node_constraints":["list",["object",{"enabled":"bool","max_node_cpu_cores":"number","max_node_ram_gib":"number","min_node_cpu_cores":"number","min_node_ram_gib":"number"}]]}]]}]],"description_kind":"plain","computed":true},"credentials":{"type":["set","string"],"description_kind":"plain","computed":true},"id":{"type":"string","description_kind":"plain","required":true},"kubeconfig":{"type":["list",["object",{"client_certificate":"string","client_key":"string","cluster_ca_certificate":"string","host":"string","raw_config":"string"}]],"description_kind":"plain","computed":true},"name":{"type":"string","description_kind":"plain","computed":true},"region":{"type":"string","description_kind":"plain","computed":true},"status":{"type":"string","description_kind":"plain","computed":true}},"description_kind":"plain"}},"castai_credentials":{"version":0,"block":{"attributes":{"cloud":{"type":"string","description_kind":"plain","computed":true},"id":{"type":"string","description_kind":"plain","optional":true},"name":{"type":"string","description_kind":"plain","optional":true}},"description_kind":"plain"}}}}}}
