{"format_version":"0.2","provider_schemas":{"registry.terraform.io/cdiscount/dyn":{"provider":{"version":0,"block":{"attributes":{"customer_name":{"type":"string","description":"A Dyn customer name.","description_kind":"markdown","required":true},"password":{"type":"string","description":"The Dyn password.","description_kind":"markdown","required":true},"username":{"type":"string","description":"A Dyn username.","description_kind":"markdown","required":true}},"description_kind":"plain"}},"resource_schemas":{"dyn_dsf_monitor":{"version":0,"block":{"attributes":{"active":{"type":"bool","description":"Indicates if the Monitor is active","description_kind":"markdown","optional":true},"id":{"type":"string","description_kind":"plain","optional":true,"computed":true},"label":{"type":"string","description":"A label to identify the Monitor","description_kind":"markdown","required":true},"probe_interval":{"type":"number","description":"How often to run the monitor. Must be twice the TTL setting.\nValid values:\n  * 60 – Every minute\n  * 300 – Every 5 minutes\n  * 600 – Every 10 minutes\n  * 900 – Every 15 minutes","description_kind":"markdown","required":true},"protocol":{"type":"string","description":"The protocol to monitor\nValid values:\n  * HTTP\n  * HTTPS\n  * PING\n  * SMTP\n  * TCP","description_kind":"markdown","required":true},"response_count":{"type":"number","description":"Minimum required ‘up’ agent responses to report response pool host as ‘up’. If ‘up’ responses are less than the minimum, host is set to failover.\n\nValid values: 0, 1, 2 or 3.","description_kind":"markdown","required":true},"retries":{"type":"number","description":"How many retries the monitor should attempt on failure before giving up.\nValid values:\n  * 0\n  * 1\n  * 2","description_kind":"markdown","required":true}},"block_types":{"options":{"nesting_mode":"list","block":{"attributes":{"expected":{"type":"string","description":"Designate the data expected in the protocol response while monitoring the host in the pool. Maximum length: 255 bytes. Exceeding the maximum size will result in an ‘Invalid_Data’ error at run time with the message ‘Too long’. Field is case-sensitive. Exact string match required to return ‘up’ status. For HTTP(S) probes, a case sensitive sub-string to search for in the response. For SMTP probes, a string to compare the banner against. Not used for PING, or TCP protocols.","description_kind":"markdown","optional":true,"computed":true},"header":{"type":"string","description":"For HTTP(S) probes, additional header fields/values to pass in, separated by the newline character (\\n).\nSee [Configuring Monitor Headers](https://help.dyn.com/configuring-monitor-headers/) for more information on using custom headers and macros in your endpoint monitoring.","description_kind":"markdown","optional":true,"computed":true},"host":{"type":"string","description":"For HTTP(S) probes, a value to pass in to the Host: header.","description_kind":"markdown","optional":true,"computed":true},"path":{"type":"string","description":"For HTTP(S) probes, a specific path to request. Designate a path other than the root to be monitored. Paths should be supplied as a relative path to the root ‘/’ directory of the website.","description_kind":"markdown","optional":true,"computed":true},"port":{"type":"number","description":"For HTTP(S)/SMTP/TCP probes, an alternate connection port. Leaving the field blank means it will monitor the default port (80 for HTTP and TCP, 443 for HTTPS, and 25 for SMTP)","description_kind":"markdown","optional":true,"computed":true},"timeout":{"type":"number","description":"Time (in seconds) before the connection attempt times out","description_kind":"markdown","optional":true,"computed":true}},"description":"Options that pertain to the Monitor","description_kind":"markdown"},"max_items":1}},"description_kind":"plain"}},"dyn_dsf_record":{"version":0,"block":{"attributes":{"automation":{"type":"string","description":"Defines how eligible can be changed in response to monitoring.\n  * auto — Sets the serve_mode field to ‘Monitor \u0026 Obey’. Default.\n  * auto_down — Sets the serve_mode field to ‘Monitor \u0026 Remove’.\n  * manual — Couples with eligible value to determine other serve_mode field values.","description_kind":"markdown","optional":true},"eligible":{"type":"bool","description":"Indicates whether or not the Record can be served.\n  * false — When automation is set to manual, sets the serve_mode field to ‘Do Not Serve’.\n  * true — Default. When automation is set to manual, sets the serve_mode field to ‘Always Serve’.","description_kind":"markdown","optional":true},"id":{"type":"string","description_kind":"plain","optional":true,"computed":true},"label":{"type":"string","description":"A label for the Record","description_kind":"markdown","required":true},"master_line":{"type":"string","description":"The value to put in the record, i.e. 1.2.3.4 for a DNS A record","description_kind":"markdown","required":true},"record_set_id":{"type":"string","description":"The record set in which this record is added","description_kind":"markdown","required":true},"traffic_director_id":{"type":"string","description":"The traffic director ID","description_kind":"markdown","required":true},"weight":{"type":"number","description":"Weight for the Record. Defaults to 1.\n  * Valid values for A or AAAA records: 1 – 15.\n  * Valid values for CNAME records: 1 – 255.","description_kind":"markdown","optional":true}},"description_kind":"plain"}},"dyn_dsf_record_set":{"version":0,"block":{"attributes":{"automation":{"type":"string","description":"Defines how eligible can be changed in response to monitoring\n  * auto — Sets the serve_mode field to ‘Monitor \u0026 Obey’. Default\n  * auto_down — Sets the serve_mode field to ‘Monitor \u0026 Remove’\n  * manual — Couples with eligible value to determine other serve_mode field values","description_kind":"markdown","optional":true,"computed":true},"dsf_rsfc_id":{"type":"string","description":"Identifier for the Response Pool whose Record Set Failover Chain will include this Record Set","description_kind":"markdown","required":true},"eligible":{"type":"bool","description":"Indicates whether or not the Record Set can be served\n  * false — When automation is set to manual, sets the serve_mode field to ‘Do Not Serve’\n  * true — Default. When automation is set to manual, Record Set can be served","description_kind":"markdown","optional":true},"fail_count":{"type":"number","description":"The number of Records that must not be okay before the Record Set becomes ineligible","description_kind":"markdown","optional":true,"computed":true},"id":{"type":"string","description_kind":"plain","optional":true,"computed":true},"label":{"type":"string","description":"Record set name","description_kind":"markdown","required":true},"monitor_id":{"type":"string","description":"The id of the monitoring object","description_kind":"markdown","optional":true},"rdata_class":{"type":"string","description":"The type of rdata represented by this Record Set","description_kind":"markdown","required":true},"response_pool_id":{"type":"string","description":"The response pool in which the record set is created","description_kind":"markdown","required":true},"serve_count":{"type":"number","description":"How many Records to serve out of this Record Set","description_kind":"markdown","optional":true,"computed":true},"traffic_director_id":{"type":"string","description":"The traffic director in which the record set is created","description_kind":"markdown","required":true},"trouble_count":{"type":"number","description":"The number of Records that must not be okay before the Record Set becomes in trouble","description_kind":"markdown","optional":true,"computed":true},"ttl":{"type":"number","description":"Default TTL used for Records within this Record Set","description_kind":"markdown","optional":true,"computed":true}},"description":"Dynect traffic director record set","description_kind":"markdown"}},"dyn_dsf_response_pool":{"version":0,"block":{"attributes":{"automation":{"type":"string","description":"Defines how eligible can be changed in response to monitoring.\n  * auto — Sets the serve_mode field to ‘Monitor \u0026 Obey’. Default.\n  * auto_down — Sets the serve_mode field to ‘Monitor \u0026 Remove’.\n  * manual — Couples with eligible value to determine other serve_mode field values","description_kind":"markdown","required":true},"id":{"type":"string","description_kind":"plain","optional":true,"computed":true},"label":{"type":"string","description":"Response pool name","description_kind":"markdown","required":true},"traffic_director_id":{"type":"string","description":"Traffic director id to attach this response pool","description_kind":"markdown","required":true}},"description_kind":"plain"}},"dyn_dsf_rsfc":{"version":0,"block":{"attributes":{"id":{"type":"string","description_kind":"plain","optional":true,"computed":true},"label":{"type":"string","description":"A label for the Record Set Failover Chain","description_kind":"markdown","required":true},"response_pool_id":{"type":"string","description":"The response pool id in which we create the ressource","description_kind":"markdown","required":true},"traffic_director_id":{"type":"string","description":"The traffic director in which we create the ressource","description_kind":"markdown","required":true}},"description":"Dynect RecordSet Failover Chain","description_kind":"markdown"}},"dyn_dsf_ruleset":{"version":0,"block":{"attributes":{"id":{"type":"string","description_kind":"plain","optional":true,"computed":true},"label":{"type":"string","description":"A label for the Ruleset","description_kind":"markdown","required":true},"response_pool_ids":{"type":["list","string"],"description":"Response pools to attach to this ruleset","description_kind":"markdown","optional":true},"traffic_director_id":{"type":"string","description":"The traffic director ID in which to create the rule set","description_kind":"markdown","required":true}},"description_kind":"plain"}},"dyn_record":{"version":0,"block":{"attributes":{"fqdn":{"type":"string","description_kind":"plain","computed":true},"id":{"type":"string","description_kind":"plain","optional":true,"computed":true},"name":{"type":"string","description_kind":"plain","optional":true},"ttl":{"type":"string","description_kind":"plain","optional":true,"computed":true},"type":{"type":"string","description_kind":"plain","required":true},"value":{"type":"string","description_kind":"plain","required":true},"zone":{"type":"string","description_kind":"plain","required":true}},"description_kind":"plain"}},"dyn_traffic_director":{"version":0,"block":{"attributes":{"id":{"type":"string","description_kind":"plain","optional":true,"computed":true},"label":{"type":"string","description":"Name of the Traffic Director service","description_kind":"markdown","required":true},"ttl":{"type":"number","description":"The default TTL to be used across the service","description_kind":"markdown","optional":true,"computed":true}},"block_types":{"node":{"nesting_mode":"list","block":{"attributes":{"fqdn":{"type":"string","description":"Fully qualified domain name of a node in the zone","description_kind":"markdown","required":true},"zone":{"type":"string","description":"Name of the zone","description_kind":"markdown","required":true}},"description_kind":"plain"}}},"description_kind":"plain"}}}}}}
