{"format_version":"0.2","provider_schemas":{"registry.terraform.io/centrify/centrify":{"provider":{"version":0,"block":{"attributes":{"appid":{"type":"string","description":"Application ID","description_kind":"plain","optional":true},"log_level":{"type":"string","description":"Logging level","description_kind":"plain","optional":true},"logpath":{"type":"string","description":"Path of log file","description_kind":"plain","optional":true},"password":{"type":"string","description":"Password","description_kind":"plain","optional":true},"scope":{"type":"string","description":"OAuth2 scope","description_kind":"plain","optional":true},"skip_cert_verify":{"type":"bool","description":"Whether to skip certification verification","description_kind":"plain","optional":true},"token":{"type":"string","description":"OAuth or DMC token","description_kind":"plain","optional":true},"url":{"type":"string","description":"Centrify Platform URL","description_kind":"plain","optional":true},"use_dmc":{"type":"bool","description":"Whether to use DMC","description_kind":"plain","optional":true},"username":{"type":"string","description":"Username","description_kind":"plain","optional":true}},"description_kind":"plain"}},"resource_schemas":{"centrify_account":{"version":0,"block":{"attributes":{"access_secret_checkout_default_profile_id":{"type":"string","description":"Default secret access key checkout challenge rule id","description_kind":"plain","optional":true},"checkout_lifetime":{"type":"number","description":"Checkout lifetime (minutes)","description_kind":"plain","optional":true},"cloudprovider_id":{"type":"string","description":"ID of the cloud provider it belongs to","description_kind":"plain","optional":true},"credential_type":{"type":"string","description":"Either password or sshkey","description_kind":"plain","required":true},"database_id":{"type":"string","description":"ID of the database it belongs to","description_kind":"plain","optional":true},"default_profile_id":{"type":"string","description":"Default password checkout profile id","description_kind":"plain","optional":true},"description":{"type":"string","description":"Description of the account","description_kind":"plain","optional":true},"domain_id":{"type":"string","description":"ID of the domain it belongs to","description_kind":"plain","optional":true},"host_id":{"type":"string","description":"ID of the system it belongs to","description_kind":"plain","optional":true},"id":{"type":"string","description_kind":"plain","optional":true,"computed":true},"is_admin_account":{"type":"bool","description":"Whether this is an administrative account","description_kind":"plain","optional":true},"is_root_account":{"type":"bool","description":"Whether this is an root account for cloud provider","description_kind":"plain","optional":true},"managed":{"type":"bool","description":"If this account is managed","description_kind":"plain","optional":true},"name":{"type":"string","description":"Name of the account","description_kind":"plain","required":true},"password":{"type":"string","description":"Password of the account","description_kind":"plain","optional":true,"sensitive":true},"sets":{"type":["set","string"],"description":"Add to list of Sets","description_kind":"plain","optional":true},"sshkey_id":{"type":"string","description":"ID of SSH key","description_kind":"plain","optional":true},"status":{"type":"string","description_kind":"plain","computed":true},"use_proxy_account":{"type":"bool","description":"Use proxy account to manage this account","description_kind":"plain","optional":true},"workflow_enabled":{"type":"bool","description_kind":"plain","optional":true}},"block_types":{"access_key":{"nesting_mode":"set","block":{"attributes":{"access_key_id":{"type":"string","description":"AWS access key id","description_kind":"plain","required":true},"id":{"type":"string","description":"AWS access key id","description_kind":"plain","optional":true,"computed":true},"secret_access_key":{"type":"string","description":"AWS secret access key","description_kind":"plain","required":true,"sensitive":true}},"description":"AWS Access Key","description_kind":"plain"}},"access_secret_checkout_rule":{"nesting_mode":"list","block":{"attributes":{"authentication_profile_id":{"type":"string","description":"Authentication Profile (if all conditions met)","description_kind":"plain","optional":true}},"block_types":{"rule":{"nesting_mode":"set","block":{"attributes":{"condition":{"type":"string","description_kind":"plain","required":true},"filter":{"type":"string","description_kind":"plain","required":true},"value":{"type":"string","description_kind":"plain","optional":true}},"description_kind":"plain"}}},"description":"Authentication rules","description_kind":"plain"}},"challenge_rule":{"nesting_mode":"list","block":{"attributes":{"authentication_profile_id":{"type":"string","description":"Authentication Profile (if all conditions met)","description_kind":"plain","optional":true}},"block_types":{"rule":{"nesting_mode":"set","block":{"attributes":{"condition":{"type":"string","description_kind":"plain","required":true},"filter":{"type":"string","description_kind":"plain","required":true},"value":{"type":"string","description_kind":"plain","optional":true}},"description_kind":"plain"}}},"description":"Authentication rules","description_kind":"plain"}},"permission":{"nesting_mode":"set","block":{"attributes":{"principal_id":{"type":"string","description":"Uuid of the principal","description_kind":"plain","required":true},"principal_name":{"type":"string","description":"User name or role name","description_kind":"plain","required":true},"principal_type":{"type":"string","description":"Principal type: User, Role or Group","description_kind":"plain","required":true},"rights":{"type":["set","string"],"description":"Permissions: Grant,View,Edit,Delete","description_kind":"plain","required":true}},"description":"Object permissions","description_kind":"plain"}},"workflow_approver":{"nesting_mode":"list","block":{"attributes":{"guid":{"type":"string","description":"ID of the principal","description_kind":"plain","optional":true},"name":{"type":"string","description":"User or role name of the approver","description_kind":"plain","optional":true},"no_manager_action":{"type":"string","description":"Type of principal","description_kind":"plain","optional":true},"options_selector":{"type":"bool","description_kind":"plain","optional":true},"type":{"type":"string","description":"Type of principal","description_kind":"plain","optional":true}},"block_types":{"backup_approver":{"nesting_mode":"list","block":{"attributes":{"guid":{"type":"string","description":"ID of the principal","description_kind":"plain","optional":true},"name":{"type":"string","description":"User or role name of the approver","description_kind":"plain","optional":true},"type":{"type":"string","description":"Type of principal","description_kind":"plain","optional":true}},"description_kind":"plain"},"max_items":1}},"description":"Workflow approvers","description_kind":"plain"}}},"description_kind":"plain"}},"centrify_authenticationprofile":{"version":0,"block":{"attributes":{"challenges":{"type":["list","string"],"description":"Authentication mechanisms for challenges","description_kind":"plain","required":true},"id":{"type":"string","description_kind":"plain","optional":true,"computed":true},"name":{"type":"string","description":"The name of the authenticaiton profile","description_kind":"plain","required":true},"pass_through_duration":{"type":"number","description":"Challenge Pass-Through Duration","description_kind":"plain","optional":true},"uuid":{"type":"string","description":"The UUID of the authenticaiton profile","description_kind":"plain","computed":true}},"block_types":{"additional_data":{"nesting_mode":"list","block":{"attributes":{"number_of_questions":{"type":"number","description":"Number of questions user must answer","description_kind":"plain","optional":true}},"description_kind":"plain"},"max_items":1}},"description_kind":"plain"}},"centrify_cloudprovider":{"version":0,"block":{"attributes":{"cloud_account_id":{"type":"string","description":"Account ID of the cloud provider","description_kind":"plain","required":true},"default_profile_id":{"type":"string","description":"Default Root Account Login Profile (used if no conditions matched)","description_kind":"plain","optional":true},"description":{"type":"string","description":"Description of the cloud provider","description_kind":"plain","optional":true},"enable_interactive_password_rotation":{"type":"bool","description":"Enable interactive password rotation","description_kind":"plain","optional":true},"enable_password_rotation_reminders":{"type":"bool","description":"Enable password rotation reminders","description_kind":"plain","optional":true},"id":{"type":"string","description_kind":"plain","optional":true,"computed":true},"name":{"type":"string","description":"Name of the cloud provider","description_kind":"plain","required":true},"password_rotation_reminder_duration":{"type":"number","description":"Minimum number of days since last rotation to trigger a reminder","description_kind":"plain","optional":true},"prompt_change_root_password":{"type":"bool","description":"Prompt to change root password every login and password checkin","description_kind":"plain","optional":true},"sets":{"type":["set","string"],"description":"Add to list of Sets","description_kind":"plain","optional":true},"type":{"type":"string","description":"Type of the cloud provider","description_kind":"plain","required":true}},"block_types":{"challenge_rule":{"nesting_mode":"list","block":{"attributes":{"authentication_profile_id":{"type":"string","description":"Authentication Profile (if all conditions met)","description_kind":"plain","optional":true}},"block_types":{"rule":{"nesting_mode":"set","block":{"attributes":{"condition":{"type":"string","description_kind":"plain","required":true},"filter":{"type":"string","description_kind":"plain","required":true},"value":{"type":"string","description_kind":"plain","optional":true}},"description_kind":"plain"}}},"description":"Authentication rules","description_kind":"plain"}},"permission":{"nesting_mode":"set","block":{"attributes":{"principal_id":{"type":"string","description":"Uuid of the principal","description_kind":"plain","required":true},"principal_name":{"type":"string","description":"User name or role name","description_kind":"plain","required":true},"principal_type":{"type":"string","description":"Principal type: User, Role or Group","description_kind":"plain","required":true},"rights":{"type":["set","string"],"description":"Permissions: Grant,View,Edit,Delete","description_kind":"plain","required":true}},"description":"Object permissions","description_kind":"plain"}}},"description_kind":"plain"}},"centrify_database":{"version":0,"block":{"attributes":{"allow_multiple_checkouts":{"type":"bool","description":"Allow multiple password checkouts for this database","description_kind":"plain","optional":true},"checkout_lifetime":{"type":"number","description":"Specifies the number of minutes that a checked out password is valid.","description_kind":"plain","optional":true},"connector_list":{"type":["set","string"],"description":"List of Connectors","description_kind":"plain","optional":true},"database_class":{"type":"string","description":"Type of the Database","description_kind":"plain","required":true},"description":{"type":"string","description":"Description of the Database","description_kind":"plain","optional":true},"enable_password_history_cleanup":{"type":"bool","description":"Enable periodic password history cleanup","description_kind":"plain","optional":true},"enable_password_rotation":{"type":"bool","description":"Enable periodic password rotation","description_kind":"plain","optional":true},"enable_password_rotation_after_checkin":{"type":"bool","description":"Enable password rotation after checkin","description_kind":"plain","optional":true},"hostname":{"type":"string","description":"Hostname or IP address of the Database","description_kind":"plain","required":true},"id":{"type":"string","description_kind":"plain","optional":true,"computed":true},"instance_name":{"type":"string","description":"Instance name of MS SQL Database","description_kind":"plain","optional":true},"minimum_password_age":{"type":"number","description":"Minimum Password Age (days)","description_kind":"plain","optional":true},"name":{"type":"string","description":"The name of the Database","description_kind":"plain","required":true},"password_historycleanup_duration":{"type":"number","description":"Password history cleanup (days)","description_kind":"plain","optional":true},"password_profile_id":{"type":"string","description":"Password complexity profile id","description_kind":"plain","optional":true},"password_rotate_interval":{"type":"number","description":"Password rotation interval (days)","description_kind":"plain","optional":true},"port":{"type":"number","description":"Port that used to connect to the Database","description_kind":"plain","optional":true},"service_name":{"type":"string","description":"Service name of Oracle database","description_kind":"plain","optional":true},"sets":{"type":["set","string"],"description":"Add to list of Sets","description_kind":"plain","optional":true},"skip_reachability_test":{"type":"bool","description":"Verify Database Settings","description_kind":"plain","optional":true}},"block_types":{"permission":{"nesting_mode":"set","block":{"attributes":{"principal_id":{"type":"string","description":"Uuid of the principal","description_kind":"plain","required":true},"principal_name":{"type":"string","description":"User name or role name","description_kind":"plain","required":true},"principal_type":{"type":"string","description":"Principal type: User, Role or Group","description_kind":"plain","required":true},"rights":{"type":["set","string"],"description":"Permissions: Grant,View,Edit,Delete","description_kind":"plain","required":true}},"description":"Object permissions","description_kind":"plain"}}},"description_kind":"plain"}},"centrify_desktopapp":{"version":0,"block":{"attributes":{"application_account_id":{"type":"string","description":"Host login credential account","description_kind":"plain","optional":true},"application_alias":{"type":"string","description":"The alias name of the published RemoteApp program","description_kind":"plain","required":true},"application_host_id":{"type":"string","description":"Application host","description_kind":"plain","required":true},"command_line":{"type":"string","description":"Command line","description_kind":"plain","optional":true},"default_profile_id":{"type":"string","description":"Default authentication profile ID","description_kind":"plain","optional":true},"description":{"type":"string","description":"Description of the Desktop App","description_kind":"plain","optional":true},"id":{"type":"string","description_kind":"plain","optional":true,"computed":true},"login_credential_type":{"type":"string","description":"Host login credential type","description_kind":"plain","required":true},"name":{"type":"string","description":"Name of the Desktop App","description_kind":"plain","required":true},"policy_script":{"type":"string","description":"Use script to specify authentication rules (configured rules are ignored)","description_kind":"plain","optional":true},"sets":{"type":["set","string"],"description":"Add to list of Sets","description_kind":"plain","optional":true},"template_name":{"type":"string","description":"Template name of the Desktop App","description_kind":"plain","required":true},"workflow_enabled":{"type":"bool","description_kind":"plain","optional":true}},"block_types":{"challenge_rule":{"nesting_mode":"list","block":{"attributes":{"authentication_profile_id":{"type":"string","description":"Authentication Profile (if all conditions met)","description_kind":"plain","optional":true}},"block_types":{"rule":{"nesting_mode":"set","block":{"attributes":{"condition":{"type":"string","description_kind":"plain","required":true},"filter":{"type":"string","description_kind":"plain","required":true},"value":{"type":"string","description_kind":"plain","optional":true}},"description_kind":"plain"}}},"description":"Authentication rules","description_kind":"plain"}},"command_parameter":{"nesting_mode":"set","block":{"attributes":{"name":{"type":"string","description":"Name of the parameter","description_kind":"plain","required":true},"target_object_id":{"type":"string","description":"ID of selected parameter value","description_kind":"plain","optional":true},"type":{"type":"string","description":"Type of the parameter","description_kind":"plain","required":true},"value":{"type":"string","description_kind":"plain","optional":true}},"description_kind":"plain"}},"permission":{"nesting_mode":"set","block":{"attributes":{"principal_id":{"type":"string","description":"Uuid of the principal","description_kind":"plain","required":true},"principal_name":{"type":"string","description":"User name or role name","description_kind":"plain","required":true},"principal_type":{"type":"string","description":"Principal type: User, Role or Group","description_kind":"plain","required":true},"rights":{"type":["set","string"],"description":"Permissions: Grant,View,Edit,Delete","description_kind":"plain","required":true}},"description":"Object permissions","description_kind":"plain"}},"workflow_approver":{"nesting_mode":"list","block":{"attributes":{"guid":{"type":"string","description":"ID of the principal","description_kind":"plain","optional":true},"name":{"type":"string","description":"User or role name of the approver","description_kind":"plain","optional":true},"no_manager_action":{"type":"string","description":"Type of principal","description_kind":"plain","optional":true},"options_selector":{"type":"bool","description_kind":"plain","optional":true},"type":{"type":"string","description":"Type of principal","description_kind":"plain","optional":true}},"block_types":{"backup_approver":{"nesting_mode":"list","block":{"attributes":{"guid":{"type":"string","description":"ID of the principal","description_kind":"plain","optional":true},"name":{"type":"string","description":"User or role name of the approver","description_kind":"plain","optional":true},"type":{"type":"string","description":"Type of principal","description_kind":"plain","optional":true}},"description_kind":"plain"},"max_items":1}},"description":"Workflow approvers","description_kind":"plain"}}},"description_kind":"plain"}},"centrify_domain":{"version":0,"block":{"attributes":{"allow_multiple_checkouts":{"type":"bool","description":"Allow multiple password checkouts per AD account added for this domain","description_kind":"plain","optional":true},"checkout_lifetime":{"type":"number","description":"Checkout lifetime (minutes)","description_kind":"plain","optional":true},"connector_list":{"type":["set","string"],"description":"List of Connectors","description_kind":"plain","optional":true},"description":{"type":"string","description":"Description of the domain","description_kind":"plain","optional":true},"enable_password_history_cleanup":{"type":"bool","description":"Enable periodic password history cleanup","description_kind":"plain","optional":true},"enable_password_rotation":{"type":"bool","description":"Enable periodic password rotation","description_kind":"plain","optional":true},"enable_password_rotation_after_checkin":{"type":"bool","description":"Enable password rotation after checkin","description_kind":"plain","optional":true},"enable_zone_joined_check":{"type":"bool","description":"Enable periodic domain/zone joined check","description_kind":"plain","optional":true},"enable_zonerole_cleanup":{"type":"bool","description":"Enable periodic removal of expired zone role assignments","description_kind":"plain","optional":true},"forest_id":{"type":"string","description_kind":"plain","optional":true},"id":{"type":"string","description_kind":"plain","optional":true,"computed":true},"minimum_password_age":{"type":"number","description":"Minimum Password Age (days)","description_kind":"plain","optional":true},"name":{"type":"string","description":"The domain name","description_kind":"plain","required":true},"parent_id":{"type":"string","description_kind":"plain","optional":true},"password_historycleanup_duration":{"type":"number","description":"Password history cleanup (days)","description_kind":"plain","optional":true},"password_profile_id":{"type":"string","description":"Password complexity profile id","description_kind":"plain","optional":true},"password_rotate_interval":{"type":"number","description":"Password rotation interval (days)","description_kind":"plain","optional":true},"sets":{"type":["set","string"],"description":"Add to list of Sets","description_kind":"plain","optional":true},"verify":{"type":"bool","description":"Whether to verify the Domain upon creation","description_kind":"plain","optional":true},"zone_joined_check_interval":{"type":"number","description":"Domain/zone joined check interval (minutes)","description_kind":"plain","optional":true},"zonerole_cleanup_interval":{"type":"number","description":"Expired zone role assignment removal interval (hours)","description_kind":"plain","optional":true}},"block_types":{"permission":{"nesting_mode":"set","block":{"attributes":{"principal_id":{"type":"string","description":"Uuid of the principal","description_kind":"plain","required":true},"principal_name":{"type":"string","description":"User name or role name","description_kind":"plain","required":true},"principal_type":{"type":"string","description":"Principal type: User, Role or Group","description_kind":"plain","required":true},"rights":{"type":["set","string"],"description":"Permissions: Grant,View,Edit,Delete","description_kind":"plain","required":true}},"description":"Object permissions","description_kind":"plain"}}},"description_kind":"plain"}},"centrify_domainconfiguration":{"version":0,"block":{"attributes":{"administrative_account_id":{"type":"string","description":"ID of administrative account","description_kind":"plain","required":true},"administrative_account_name":{"type":"string","description":"Name of administrative account","description_kind":"plain","optional":true,"computed":true},"administrative_account_password":{"type":"string","description":"Password of administrative account","description_kind":"plain","optional":true,"sensitive":true},"administrator_display_name":{"type":"string","description_kind":"plain","computed":true},"auto_domain_account_maintenance":{"type":"bool","description":"Enable Automatic Domain Account Maintenance","description_kind":"plain","optional":true},"auto_local_account_maintenance":{"type":"bool","description":"Enable Automatic Local Account Maintenance","description_kind":"plain","optional":true},"domain_id":{"type":"string","description":"ID of domain","description_kind":"plain","required":true},"enable_zonerole_workflow":{"type":"bool","description":"Enable zone role requests for this system","description_kind":"plain","optional":true},"id":{"type":"string","description_kind":"plain","optional":true,"computed":true},"manual_domain_account_unlock":{"type":"bool","description":"Enable Manual Domain Account Unlock","description_kind":"plain","optional":true},"manual_local_account_unlock":{"type":"bool","description":"Enable Manual Local Account Unlock","description_kind":"plain","optional":true},"provisioning_admin_id":{"type":"string","description":"Provisioning Administrative Account ID (must be managed)","description_kind":"plain","optional":true},"reconciliation_account_name":{"type":"string","description":"Reconciliation account name","description_kind":"plain","optional":true}},"block_types":{"assigned_zonerole":{"nesting_mode":"set","block":{"attributes":{"description":{"type":"string","description":"Description of the zone role","description_kind":"plain","optional":true},"name":{"type":"string","description":"Zone role name. In the format of \u003czone role name\u003e/\u003czone name\u003e","description_kind":"plain","required":true},"parent_zone_dn":{"type":"string","description":"DN of the parent zone","description_kind":"plain","optional":true},"unix":{"type":"bool","description":"The zone role is for Unix","description_kind":"plain","optional":true},"windows":{"type":"bool","description":"The zone role is for Windows","description_kind":"plain","optional":true},"zone_canonical_name":{"type":"string","description":"Cannoical name of the zone","description_kind":"plain","optional":true},"zone_description":{"type":"string","description":"Description of the zone","description_kind":"plain","optional":true},"zone_dn":{"type":"string","description":"Distinguished Name (DN) of the zone","description_kind":"plain","optional":true}},"description":"Zone Role","description_kind":"plain"}},"assigned_zonerole_approver":{"nesting_mode":"list","block":{"attributes":{"guid":{"type":"string","description":"ID of the principal","description_kind":"plain","optional":true},"name":{"type":"string","description":"User or role name of the approver","description_kind":"plain","optional":true},"no_manager_action":{"type":"string","description":"Type of principal","description_kind":"plain","optional":true},"options_selector":{"type":"bool","description_kind":"plain","optional":true},"type":{"type":"string","description":"Type of principal","description_kind":"plain","optional":true}},"block_types":{"backup_approver":{"nesting_mode":"list","block":{"attributes":{"guid":{"type":"string","description":"ID of the principal","description_kind":"plain","optional":true},"name":{"type":"string","description":"User or role name of the approver","description_kind":"plain","optional":true},"type":{"type":"string","description":"Type of principal","description_kind":"plain","optional":true}},"description_kind":"plain"},"max_items":1}},"description":"Workflow approvers","description_kind":"plain"}}},"description_kind":"plain"}},"centrify_domainreconciliation":{"version":0,"block":{"attributes":{"administrative_account_id":{"type":"string","description":"ID of administrative account","description_kind":"plain","required":true},"administrative_account_name":{"type":"string","description":"Name of administrative account","description_kind":"plain","optional":true,"computed":true},"administrative_account_password":{"type":"string","description":"Password of administrative account","description_kind":"plain","optional":true,"sensitive":true},"administrator_display_name":{"type":"string","description_kind":"plain","computed":true},"auto_domain_account_maintenance":{"type":"bool","description":"Enable Automatic Domain Account Maintenance","description_kind":"plain","optional":true},"auto_local_account_maintenance":{"type":"bool","description":"Enable Automatic Local Account Maintenance","description_kind":"plain","optional":true},"domain_id":{"type":"string","description":"ID of domain","description_kind":"plain","required":true},"enable_zonerole_workflow":{"type":"bool","description":"Enable zone role requests for this system","description_kind":"plain","optional":true},"id":{"type":"string","description_kind":"plain","optional":true,"computed":true},"manual_domain_account_unlock":{"type":"bool","description":"Enable Manual Domain Account Unlock","description_kind":"plain","optional":true},"manual_local_account_unlock":{"type":"bool","description":"Enable Manual Local Account Unlock","description_kind":"plain","optional":true},"provisioning_admin_id":{"type":"string","description":"Provisioning Administrative Account ID (must be managed)","description_kind":"plain","optional":true},"reconciliation_account_name":{"type":"string","description":"Reconciliation account name","description_kind":"plain","optional":true}},"block_types":{"assigned_zonerole":{"nesting_mode":"set","block":{"attributes":{"description":{"type":"string","description":"Description of the zone role","description_kind":"plain","optional":true},"name":{"type":"string","description":"Zone role name. In the format of \u003czone role name\u003e/\u003czone name\u003e","description_kind":"plain","required":true},"parent_zone_dn":{"type":"string","description":"DN of the parent zone","description_kind":"plain","optional":true},"unix":{"type":"bool","description":"The zone role is for Unix","description_kind":"plain","optional":true},"windows":{"type":"bool","description":"The zone role is for Windows","description_kind":"plain","optional":true},"zone_canonical_name":{"type":"string","description":"Cannoical name of the zone","description_kind":"plain","optional":true},"zone_description":{"type":"string","description":"Description of the zone","description_kind":"plain","optional":true},"zone_dn":{"type":"string","description":"Distinguished Name (DN) of the zone","description_kind":"plain","optional":true}},"description":"Zone Role","description_kind":"plain"}},"assigned_zonerole_approver":{"nesting_mode":"list","block":{"attributes":{"guid":{"type":"string","description":"ID of the principal","description_kind":"plain","optional":true},"name":{"type":"string","description":"User or role name of the approver","description_kind":"plain","optional":true},"no_manager_action":{"type":"string","description":"Type of principal","description_kind":"plain","optional":true},"options_selector":{"type":"bool","description_kind":"plain","optional":true},"type":{"type":"string","description":"Type of principal","description_kind":"plain","optional":true}},"block_types":{"backup_approver":{"nesting_mode":"list","block":{"attributes":{"guid":{"type":"string","description":"ID of the principal","description_kind":"plain","optional":true},"name":{"type":"string","description":"User or role name of the approver","description_kind":"plain","optional":true},"type":{"type":"string","description":"Type of principal","description_kind":"plain","optional":true}},"description_kind":"plain"},"max_items":1}},"description":"Workflow approvers","description_kind":"plain"}}},"description_kind":"plain"}},"centrify_federatedgroup":{"version":0,"block":{"attributes":{"id":{"type":"string","description_kind":"plain","optional":true,"computed":true},"name":{"type":"string","description":"The name of the federated group","description_kind":"plain","required":true}},"description_kind":"plain"}},"centrify_globalgroupmappings":{"version":0,"block":{"attributes":{"bulkupdate":{"type":"bool","description_kind":"plain","optional":true},"id":{"type":"string","description_kind":"plain","optional":true,"computed":true},"mapping":{"type":["map","string"],"description_kind":"plain","optional":true}},"description_kind":"plain"}},"centrify_globalworkflow":{"version":0,"block":{"attributes":{"id":{"type":"string","description_kind":"plain","optional":true,"computed":true},"type":{"type":"string","description_kind":"plain","required":true}},"block_types":{"settings":{"nesting_mode":"list","block":{"attributes":{"default_options":{"type":"string","description_kind":"plain","optional":true},"enabled":{"type":"bool","description":"Enable workflow for all accounts/systems/secrets","description_kind":"plain","optional":true}},"block_types":{"approver":{"nesting_mode":"list","block":{"attributes":{"guid":{"type":"string","description":"ID of the principal","description_kind":"plain","optional":true},"name":{"type":"string","description":"User or role name of the approver","description_kind":"plain","optional":true},"no_manager_action":{"type":"string","description":"Type of principal","description_kind":"plain","optional":true},"options_selector":{"type":"bool","description_kind":"plain","optional":true},"type":{"type":"string","description":"Type of principal","description_kind":"plain","optional":true}},"block_types":{"backup_approver":{"nesting_mode":"list","block":{"attributes":{"guid":{"type":"string","description":"ID of the principal","description_kind":"plain","optional":true},"name":{"type":"string","description":"User or role name of the approver","description_kind":"plain","optional":true},"type":{"type":"string","description":"Type of principal","description_kind":"plain","optional":true}},"description_kind":"plain"},"max_items":1}},"description":"Workflow approvers","description_kind":"plain"}}},"description_kind":"plain"},"max_items":1}},"description_kind":"plain"}},"centrify_manualset":{"version":0,"block":{"attributes":{"description":{"type":"string","description":"Description of an manual set","description_kind":"plain","optional":true},"id":{"type":"string","description_kind":"plain","optional":true,"computed":true},"name":{"type":"string","description":"The name of the manual set","description_kind":"plain","required":true},"subtype":{"type":"string","description":"SubObjectType for application. Valid values are: Web and Desktop","description_kind":"plain","optional":true},"type":{"type":"string","description":"Type of set. Valid values are: Server, VaultAccount, VaultDatabase, VaultDomain, DataVault, SshKeys, Subscriptions, Application, ResourceProfiles","description_kind":"plain","required":true}},"block_types":{"member_permission":{"nesting_mode":"set","block":{"attributes":{"principal_id":{"type":"string","description":"Uuid of the principal","description_kind":"plain","required":true},"principal_name":{"type":"string","description":"User name or role name","description_kind":"plain","required":true},"principal_type":{"type":"string","description":"Principal type: User, Role or Group","description_kind":"plain","required":true},"rights":{"type":["set","string"],"description":"Permissions: Grant,View,Edit,Delete","description_kind":"plain","required":true}},"description":"Object permissions","description_kind":"plain"}},"permission":{"nesting_mode":"set","block":{"attributes":{"principal_id":{"type":"string","description":"Uuid of the principal","description_kind":"plain","required":true},"principal_name":{"type":"string","description":"User name or role name","description_kind":"plain","required":true},"principal_type":{"type":"string","description":"Principal type: User, Role or Group","description_kind":"plain","required":true},"rights":{"type":["set","string"],"description":"Permissions: Grant,View,Edit,Delete","description_kind":"plain","required":true}},"description":"Object permissions","description_kind":"plain"}}},"description_kind":"plain"}},"centrify_multiplexedaccount":{"version":0,"block":{"attributes":{"account1":{"type":"string","description_kind":"plain","optional":true,"computed":true},"account1_id":{"type":"string","description_kind":"plain","optional":true,"computed":true},"account2":{"type":"string","description_kind":"plain","optional":true,"computed":true},"account2_id":{"type":"string","description_kind":"plain","optional":true,"computed":true},"accounts":{"type":["set","string"],"description_kind":"plain","required":true},"active_account":{"type":"string","description_kind":"plain","optional":true,"computed":true},"description":{"type":"string","description":"Description of the multiplexed account","description_kind":"plain","optional":true},"id":{"type":"string","description_kind":"plain","optional":true,"computed":true},"name":{"type":"string","description":"The name of the multiplexed account","description_kind":"plain","required":true}},"block_types":{"permission":{"nesting_mode":"set","block":{"attributes":{"principal_id":{"type":"string","description":"Uuid of the principal","description_kind":"plain","required":true},"principal_name":{"type":"string","description":"User name or role name","description_kind":"plain","required":true},"principal_type":{"type":"string","description":"Principal type: User, Role or Group","description_kind":"plain","required":true},"rights":{"type":["set","string"],"description":"Permissions: Grant,View,Edit,Delete","description_kind":"plain","required":true}},"description":"Object permissions","description_kind":"plain"}}},"description_kind":"plain"}},"centrify_passwordprofile":{"version":0,"block":{"attributes":{"at_least_one_digit":{"type":"bool","description":"At least one digit","description_kind":"plain","optional":true},"at_least_one_lowercase":{"type":"bool","description":"At least one lower-case alpha character","description_kind":"plain","optional":true},"at_least_one_special_char":{"type":"bool","description":"At least one special character","description_kind":"plain","optional":true},"at_least_one_uppercase":{"type":"bool","description":"At least one upper-case alpha character","description_kind":"plain","optional":true},"description":{"type":"string","description":"Description of password profile","description_kind":"plain","optional":true},"first_character_type":{"type":"string","description":"A leading alpha or alphanumeric character","description_kind":"plain","optional":true},"id":{"type":"string","description_kind":"plain","optional":true,"computed":true},"last_character_type":{"type":"string","description":"A trailing alpha or alphanumeric character","description_kind":"plain","optional":true},"maximum_char_occurrence_count":{"type":"number","description":"Maximum character occurrence count","description_kind":"plain","optional":true},"maximum_password_length":{"type":"number","description":"Maximum password length","description_kind":"plain","required":true},"minimum_alphabetic_character_count":{"type":"number","description":"Min number of alpha characters","description_kind":"plain","optional":true},"minimum_non_alphabetic_character_count":{"type":"number","description":"Min number of non-alpha characters","description_kind":"plain","optional":true},"minimum_password_length":{"type":"number","description":"Minimum password length","description_kind":"plain","required":true},"name":{"type":"string","description":"The name of the password profile","description_kind":"plain","required":true},"no_consecutive_repeated_char":{"type":"bool","description":"No consecutive repeated characters","description_kind":"plain","optional":true},"special_charset":{"type":"string","description":"Special Characters","description_kind":"plain","required":true}},"description_kind":"plain"}},"centrify_policy":{"version":0,"block":{"attributes":{"description":{"type":"string","description":"Description of the policy","description_kind":"plain","optional":true},"id":{"type":"string","description_kind":"plain","optional":true,"computed":true},"link_type":{"type":"string","description":"Link type of the policy","description_kind":"plain","required":true},"name":{"type":"string","description":"The name of the policy","description_kind":"plain","required":true},"path":{"type":"string","description":"Path of the policy","description_kind":"plain","computed":true},"policy_assignment":{"type":["set","string"],"description":"List of roles or sets assigned to the policy","description_kind":"plain","optional":true}},"block_types":{"settings":{"nesting_mode":"list","block":{"block_types":{"account_set":{"nesting_mode":"list","block":{"attributes":{"access_secret_checkout_dfault_profile_id":{"type":"string","description":"Default Password Checkout Profile (used if no conditions matched)","description_kind":"plain","optional":true},"checkout_lifetime":{"type":"number","description":"Checkout lifetime (minutes)","description_kind":"plain","optional":true},"default_profile_id":{"type":"string","description":"Default Password Checkout Profile (used if no conditions matched)","description_kind":"plain","optional":true}},"block_types":{"access_secret_checkout_rule":{"nesting_mode":"list","block":{"attributes":{"authentication_profile_id":{"type":"string","description":"Authentication Profile (if all conditions met)","description_kind":"plain","optional":true}},"block_types":{"rule":{"nesting_mode":"set","block":{"attributes":{"condition":{"type":"string","description_kind":"plain","required":true},"filter":{"type":"string","description_kind":"plain","required":true},"value":{"type":"string","description_kind":"plain","optional":true}},"description_kind":"plain"}}},"description":"Authentication rules","description_kind":"plain"}},"challenge_rule":{"nesting_mode":"list","block":{"attributes":{"authentication_profile_id":{"type":"string","description":"Authentication Profile (if all conditions met)","description_kind":"plain","optional":true}},"block_types":{"rule":{"nesting_mode":"set","block":{"attributes":{"condition":{"type":"string","description_kind":"plain","required":true},"filter":{"type":"string","description_kind":"plain","required":true},"value":{"type":"string","description_kind":"plain","optional":true}},"description_kind":"plain"}}},"description":"Authentication rules","description_kind":"plain"}}},"description":"Resouces -\u003e Accounts","description_kind":"plain"},"max_items":1},"centrify_client":{"nesting_mode":"list","block":{"attributes":{"allow_no_mfa_mech":{"type":"bool","description":"Allow users without a valid authentication factor to log in","description_kind":"plain","optional":true},"authentication_enabled":{"type":"bool","description":"Enable authentication policy controls","description_kind":"plain","optional":true},"default_profile_id":{"type":"string","description":"Default Profile (used if no conditions matched)","description_kind":"plain","optional":true}},"block_types":{"challenge_rule":{"nesting_mode":"list","block":{"attributes":{"authentication_profile_id":{"type":"string","description":"Authentication Profile (if all conditions met)","description_kind":"plain","optional":true}},"block_types":{"rule":{"nesting_mode":"set","block":{"attributes":{"condition":{"type":"string","description_kind":"plain","required":true},"filter":{"type":"string","description_kind":"plain","required":true},"value":{"type":"string","description_kind":"plain","optional":true}},"description_kind":"plain"}}},"description":"Authentication rules","description_kind":"plain"}}},"description":"Authentication -\u003e Centrify Clients -\u003e Login","description_kind":"plain"},"max_items":1},"centrify_css_elevation":{"nesting_mode":"list","block":{"attributes":{"authentication_enabled":{"type":"bool","description":"Enable authentication policy controls","description_kind":"plain","optional":true},"default_profile_id":{"type":"string","description":"Default Profile (used if no conditions matched)","description_kind":"plain","optional":true}},"block_types":{"challenge_rule":{"nesting_mode":"list","block":{"attributes":{"authentication_profile_id":{"type":"string","description":"Authentication Profile (if all conditions met)","description_kind":"plain","optional":true}},"block_types":{"rule":{"nesting_mode":"set","block":{"attributes":{"condition":{"type":"string","description_kind":"plain","required":true},"filter":{"type":"string","description_kind":"plain","required":true},"value":{"type":"string","description_kind":"plain","optional":true}},"description_kind":"plain"}}},"description":"Authentication rules","description_kind":"plain"}}},"description":"Authentication -\u003e Centrify Server Suite Agents -\u003e Privilege Elevation","description_kind":"plain"},"max_items":1},"centrify_css_server":{"nesting_mode":"list","block":{"attributes":{"authentication_enabled":{"type":"bool","description":"Enable authentication policy controls","description_kind":"plain","optional":true},"default_profile_id":{"type":"string","description":"Default Profile (used if no conditions matched)","description_kind":"plain","optional":true},"pass_through_mode":{"type":"number","description":"Apply pass-through duration: Never (Default), If Same Source and Target, If Same Source, If Same Target","description_kind":"plain","optional":true}},"block_types":{"challenge_rule":{"nesting_mode":"list","block":{"attributes":{"authentication_profile_id":{"type":"string","description":"Authentication Profile (if all conditions met)","description_kind":"plain","optional":true}},"block_types":{"rule":{"nesting_mode":"set","block":{"attributes":{"condition":{"type":"string","description_kind":"plain","required":true},"filter":{"type":"string","description_kind":"plain","required":true},"value":{"type":"string","description_kind":"plain","optional":true}},"description_kind":"plain"}}},"description":"Authentication rules","description_kind":"plain"}}},"description":"Authentication -\u003e Centrify Server Suite Agents -\u003e Linux, UNIX and Windows Servers","description_kind":"plain"},"max_items":1},"centrify_css_workstation":{"nesting_mode":"list","block":{"attributes":{"authentication_enabled":{"type":"bool","description":"Enable authentication policy controls","description_kind":"plain","optional":true},"default_profile_id":{"type":"string","description":"Default Profile (used if no conditions matched)","description_kind":"plain","optional":true}},"block_types":{"challenge_rule":{"nesting_mode":"list","block":{"attributes":{"authentication_profile_id":{"type":"string","description":"Authentication Profile (if all conditions met)","description_kind":"plain","optional":true}},"block_types":{"rule":{"nesting_mode":"set","block":{"attributes":{"condition":{"type":"string","description_kind":"plain","required":true},"filter":{"type":"string","description_kind":"plain","required":true},"value":{"type":"string","description_kind":"plain","optional":true}},"description_kind":"plain"}}},"description":"Authentication rules","description_kind":"plain"}}},"description":"Authentication -\u003e Centrify Server Suite Agents -\u003e Windows Workstations","description_kind":"plain"},"max_items":1},"centrify_services":{"nesting_mode":"list","block":{"attributes":{"allow_iwa":{"type":"bool","description":"Allow IWA connections (bypasses authentication rules and default profile)","description_kind":"plain","optional":true},"allow_no_mfa_mech":{"type":"bool","description":"Allow users without a valid authentication factor to log in","description_kind":"plain","optional":true},"allow_session_persist":{"type":"bool","description":"Allow 'Keep me signed in' checkbox option at login (session spans browser sessions)","description_kind":"plain","optional":true},"auth_rule_federated":{"type":"bool","description":"Apply additional authentication rules to federated users","description_kind":"plain","optional":true},"authentication_enabled":{"type":"bool","description":"Enable authentication policy controls","description_kind":"plain","optional":true},"block_auth_from_same_device":{"type":"bool","description":"Allow additional authentication from same device","description_kind":"plain","optional":true},"certauth_satisfies_all":{"type":"bool","description":"Connections using certificate authentication satisfy all MFA mechanisms","description_kind":"plain","optional":true},"certauth_set_cookie":{"type":"bool","description":"Set identity cookie for connections using certificate authentication","description_kind":"plain","optional":true},"certauth_skip_challenge":{"type":"bool","description":"Certificate authentication bypasses authentication rules and default profile","description_kind":"plain","optional":true},"continue_failed_sessions":{"type":"bool","description":"Continue with additional challenges after failed challenge","description_kind":"plain","optional":true},"default_profile_id":{"type":"string","description":"Default Profile (used if no conditions matched)","description_kind":"plain","optional":true},"default_session_persist":{"type":"bool","description":"Default 'Keep me signed in' checkbox option to enabled","description_kind":"plain","optional":true},"federated_satisfies_all":{"type":"bool","description":"Connections via Federation satisfy all MFA mechanisms","description_kind":"plain","optional":true},"iwa_satisfies_all":{"type":"bool","description":"IWA connections satisfy all MFA mechanisms","description_kind":"plain","optional":true},"iwa_set_cookie":{"type":"bool","description":"Set identity cookie for IWA connections","description_kind":"plain","optional":true},"persist_session_lifespan":{"type":"number","description":"Hours until session expires when 'Keep me signed in' option enabled (default 2 weeks)","description_kind":"plain","optional":true},"remember_last_factor":{"type":"bool","description":"Remember and suggest last used authentication factor","description_kind":"plain","optional":true},"session_lifespan":{"type":"number","description":"Hours until session expires (default 12)","description_kind":"plain","optional":true},"stop_auth_on_prev_failed":{"type":"bool","description":"Do not send challenge request when previous challenge response failed","description_kind":"plain","optional":true},"use_certauth":{"type":"bool","description":"Use certificates for authentication","description_kind":"plain","optional":true}},"block_types":{"challenge_rule":{"nesting_mode":"list","block":{"attributes":{"authentication_profile_id":{"type":"string","description":"Authentication Profile (if all conditions met)","description_kind":"plain","optional":true}},"block_types":{"rule":{"nesting_mode":"set","block":{"attributes":{"condition":{"type":"string","description_kind":"plain","required":true},"filter":{"type":"string","description_kind":"plain","required":true},"value":{"type":"string","description_kind":"plain","optional":true}},"description_kind":"plain"}}},"description":"Authentication rules","description_kind":"plain"}}},"description":"Authentication -\u003e Centrify Services","description_kind":"plain"},"max_items":1},"cloudproviders_set":{"nesting_mode":"list","block":{"attributes":{"default_profile_id":{"type":"string","description":"Default Root Account Login Profile (used if no conditions matched)","description_kind":"plain","optional":true},"enable_interactive_password_rotation":{"type":"bool","description":"Enable interactive password rotation","description_kind":"plain","optional":true},"enable_password_rotation_reminders":{"type":"bool","description":"Enable password rotation reminders","description_kind":"plain","optional":true},"password_rotation_reminder_duration":{"type":"number","description":"Minimum number of days since last rotation to trigger a reminder","description_kind":"plain","optional":true},"prompt_change_root_password":{"type":"bool","description":"Prompt to change root password every login and password checkin","description_kind":"plain","optional":true}},"block_types":{"challenge_rule":{"nesting_mode":"list","block":{"attributes":{"authentication_profile_id":{"type":"string","description":"Authentication Profile (if all conditions met)","description_kind":"plain","optional":true}},"block_types":{"rule":{"nesting_mode":"set","block":{"attributes":{"condition":{"type":"string","description_kind":"plain","required":true},"filter":{"type":"string","description_kind":"plain","required":true},"value":{"type":"string","description_kind":"plain","optional":true}},"description_kind":"plain"}}},"description":"Authentication rules","description_kind":"plain"}}},"description":"Resouces -\u003e Cloud Providers","description_kind":"plain"},"max_items":1},"database_set":{"nesting_mode":"list","block":{"attributes":{"allow_multiple_checkouts":{"type":"bool","description":"Allow multiple password checkouts for related accounts","description_kind":"plain","optional":true},"checkout_lifetime":{"type":"number","description":"Checkout lifetime (minutes)","description_kind":"plain","optional":true},"enable_password_history_cleanup":{"type":"bool","description":"Enable periodic password history cleanup","description_kind":"plain","optional":true},"enable_password_rotation":{"type":"bool","description":"Enable periodic password rotation","description_kind":"plain","optional":true},"enable_password_rotation_after_checkin":{"type":"bool","description":"Enable password rotation after checkin","description_kind":"plain","optional":true},"minimum_password_age":{"type":"number","description":"Minimum Password Age (days)","description_kind":"plain","optional":true},"password_historycleanup_duration":{"type":"number","description":"Password history cleanup (days)","description_kind":"plain","optional":true},"password_rotate_interval":{"type":"number","description":"Password rotation interval (days)","description_kind":"plain","optional":true}},"description":"Resouces -\u003e Databases","description_kind":"plain"},"max_items":1},"domain_set":{"nesting_mode":"list","block":{"attributes":{"allow_multiple_checkouts":{"type":"bool","description":"Allow multiple password checkouts for related accounts","description_kind":"plain","optional":true},"checkout_lifetime":{"type":"number","description":"Checkout lifetime (minutes)","description_kind":"plain","optional":true},"enable_password_history_cleanup":{"type":"bool","description":"Enable periodic password history cleanup","description_kind":"plain","optional":true},"enable_password_rotation":{"type":"bool","description":"Enable periodic password rotation","description_kind":"plain","optional":true},"enable_password_rotation_after_checkin":{"type":"bool","description":"Enable password rotation after checkin","description_kind":"plain","optional":true},"minimum_password_age":{"type":"number","description":"Minimum Password Age (days)","description_kind":"plain","optional":true},"password_historycleanup_duration":{"type":"number","description":"Password history cleanup (days)","description_kind":"plain","optional":true},"password_rotate_interval":{"type":"number","description":"Password rotation interval (days)","description_kind":"plain","optional":true}},"description":"Resouces -\u003e Databases","description_kind":"plain"},"max_items":1},"mobile_device":{"nesting_mode":"list","block":{"attributes":{"allow_enrollment":{"type":"bool","description":"Permit device registration","description_kind":"plain","optional":true},"allow_fallback_pin":{"type":"bool","description":"Allow App PIN","description_kind":"plain","optional":true},"allow_notify_multi_devices":{"type":"bool","description":"Allow user notifications on multiple devices","description_kind":"plain","optional":true},"auto_lock_timeout":{"type":"number","description":"Auto-Lock (minutes)","description_kind":"plain","optional":true},"enable_debug":{"type":"bool","description":"Enable debug logging","description_kind":"plain","optional":true},"enable_invite_enrollment":{"type":"bool","description":"Enable invite based registration","description_kind":"plain","optional":true},"force_fingerprint":{"type":"bool","description":"Enforce fingerprint scan for Mobile Authenticator","description_kind":"plain","optional":true},"location_tracking":{"type":"bool","description":"Report mobile device location","description_kind":"plain","optional":true},"lock_app_on_exit":{"type":"bool","description":"Lock on exit","description_kind":"plain","optional":true},"permit_non_compliant_device":{"type":"bool","description":"Permit non-compliant devices to register","description_kind":"plain","optional":true},"require_passcode":{"type":"bool","description":"Require client application passcode on device","description_kind":"plain","optional":true}},"description":"Devices","description_kind":"plain"},"max_items":1},"oath_otp":{"nesting_mode":"list","block":{"attributes":{"allow_otp":{"type":"bool","description":"Allow OATH OTP integration","description_kind":"plain","optional":true}},"description":"User Security -\u003e OATH OTP","description_kind":"plain"},"max_items":1},"password_settings":{"nesting_mode":"list","block":{"attributes":{"allow_include_displayname":{"type":"bool","description":"Allow display name as part of password","description_kind":"plain","optional":true},"allow_include_username":{"type":"bool","description":"Allow username as part of password","description_kind":"plain","optional":true},"bad_attempt_threshold":{"type":"number","description":"Maximum consecutive bad password attempts allowed within window (default Off)","description_kind":"plain","optional":true},"capture_window":{"type":"number","description":"Capture window for consecutive bad password attempts (default 30 minutes)","description_kind":"plain","optional":true},"check_weak_password":{"type":"bool","description":"Check against weak password","description_kind":"plain","optional":true},"complexity_hint":{"type":"string","description":"Password complexity requirements for directory services other than Centrify Directory","description_kind":"plain","optional":true},"expire_hard_notification":{"type":"number","description":"Escalated Password Expiration Notification (default 48 hours)","description_kind":"plain","optional":true},"expire_notification_mobile":{"type":"bool","description":"Enable password expiration notifications on enrolled mobile devices","description_kind":"plain","optional":true},"expire_soft_notification":{"type":"number","description":"Password Expiration Notification (default 14 days)","description_kind":"plain","optional":true},"lockout_duration":{"type":"number","description":"Lockout duration before password re-attempt allowed (default 30 minutes)","description_kind":"plain","optional":true},"max_age_in_days":{"type":"number","description":"Maximum password age (default 365 days)","description_kind":"plain","optional":true},"max_length":{"type":"number","description":"Maximum password length (default 64)","description_kind":"plain","optional":true},"min_age_in_days":{"type":"number","description":"Minimum password age before change is allowed (default 0 days)","description_kind":"plain","optional":true},"min_length":{"type":"number","description":"Minimum password length (default 8)","description_kind":"plain","optional":true},"no_of_repeated_char_allowed":{"type":"number","description":"Limit the number of consecutive repeated characters","description_kind":"plain","optional":true},"password_history":{"type":"number","description":"Password history (default 3)","description_kind":"plain","optional":true},"require_digit":{"type":"bool","description":"Require at least one digit (default yes)","description_kind":"plain","optional":true},"require_mix_case":{"type":"bool","description":"Require at least one upper case and one lower case letter (default yes)","description_kind":"plain","optional":true},"require_symbol":{"type":"bool","description":"Require at least one symbol (default no)","description_kind":"plain","optional":true},"require_unicode":{"type":"bool","description":"Require at least one Unicode characters","description_kind":"plain","optional":true},"show_password_complexity":{"type":"bool","description":"Show password complexity requirements when entering a new password (default no)","description_kind":"plain","optional":true}},"description":"User Security -\u003e Password Settings","description_kind":"plain"},"max_items":1},"radius":{"nesting_mode":"list","block":{"attributes":{"allow_external_radius":{"type":"bool","description":"Allow 3rd Party RADIUS Authentication","description_kind":"plain","optional":true},"allow_radius":{"type":"bool","description":"Allow RADIUS client connections","description_kind":"plain","optional":true},"default_profile_id":{"type":"string","description":"Default authentication profile","description_kind":"plain","optional":true},"require_challenges":{"type":"bool","description":"Require authentication challenge","description_kind":"plain","optional":true},"send_vendor_attributes":{"type":"bool","description":"Send vendor specific attributes","description_kind":"plain","optional":true}},"description":"User Security -\u003e RADIUS","description_kind":"plain"},"max_items":1},"secret_set":{"nesting_mode":"list","block":{"attributes":{"default_profile_id":{"type":"string","description":"Default Secret Challenge Profile (used if no conditions matched)","description_kind":"plain","optional":true}},"block_types":{"challenge_rule":{"nesting_mode":"list","block":{"attributes":{"authentication_profile_id":{"type":"string","description":"Authentication Profile (if all conditions met)","description_kind":"plain","optional":true}},"block_types":{"rule":{"nesting_mode":"set","block":{"attributes":{"condition":{"type":"string","description_kind":"plain","required":true},"filter":{"type":"string","description_kind":"plain","required":true},"value":{"type":"string","description_kind":"plain","optional":true}},"description_kind":"plain"}}},"description":"Authentication rules","description_kind":"plain"}}},"description":"Resouces -\u003e Secrets","description_kind":"plain"},"max_items":1},"self_service":{"nesting_mode":"list","block":{"attributes":{"account_selfservice_enabled":{"type":"bool","description":"Enable account self service controls","description_kind":"plain","optional":true},"account_unlock_enabled":{"type":"bool","description":"Enable account unlock","description_kind":"plain","optional":true},"ad_admin_user":{"type":"string","description":"Admin user name","description_kind":"plain","optional":true},"login_after_reset":{"type":"bool","description":"User must log in after successful password reset","description_kind":"plain","optional":true},"max_reset_allowed":{"type":"number","description":"Maximum forgotten password resets allowed within window (default 10)","description_kind":"plain","optional":true},"max_reset_attempts":{"type":"number","description":"Maximum consecutive password reset attempts per session","description_kind":"plain","optional":true},"max_time_allowed":{"type":"number","description":"Capture window for forgotten password resets (default 60 minutes)","description_kind":"plain","optional":true},"password_reset_enabled":{"type":"bool","description":"Enable password reset","description_kind":"plain","optional":true},"pwreset_allow_for_aduser":{"type":"bool","description":"Allow for Active Directory users","description_kind":"plain","optional":true},"pwreset_auth_profile_id":{"type":"string","description":"Password reset authentication profile","description_kind":"plain","optional":true},"pwreset_with_cookie_only":{"type":"bool","description":"Only allow from browsers with identity cookie","description_kind":"plain","optional":true},"show_locked_message":{"type":"bool","description":"Show a message to end users in desktop login that account is locked (default no)","description_kind":"plain","optional":true},"unlock_allow_for_aduser":{"type":"bool","description":"Allow for Active Directory users","description_kind":"plain","optional":true},"unlock_auth_profile_id":{"type":"string","description":"Account unlock authentication profile","description_kind":"plain","optional":true},"unlock_with_cookie_only":{"type":"bool","description":"Only allow from browsers with identity cookie","description_kind":"plain","optional":true},"use_ad_admin":{"type":"bool","description":"Use AD admin for AD self-service","description_kind":"plain","optional":true}},"block_types":{"admin_user_password":{"nesting_mode":"list","block":{"attributes":{"type":{"type":"string","description":"Password type","description_kind":"plain","optional":true},"value":{"type":"string","description":"Actual password","description_kind":"plain","optional":true,"sensitive":true}},"description_kind":"plain"},"max_items":1}},"description":"User Security -\u003e Self Service","description_kind":"plain"},"max_items":1},"sshkey_set":{"nesting_mode":"list","block":{"attributes":{"default_profile_id":{"type":"string","description":"Default SSH Key Challenge Profile","description_kind":"plain","optional":true}},"block_types":{"challenge_rule":{"nesting_mode":"list","block":{"attributes":{"authentication_profile_id":{"type":"string","description":"Authentication Profile (if all conditions met)","description_kind":"plain","optional":true}},"block_types":{"rule":{"nesting_mode":"set","block":{"attributes":{"condition":{"type":"string","description_kind":"plain","required":true},"filter":{"type":"string","description_kind":"plain","required":true},"value":{"type":"string","description_kind":"plain","optional":true}},"description_kind":"plain"}}},"description":"Authentication rules","description_kind":"plain"}}},"description":"Resouces -\u003e SSH Keys","description_kind":"plain"},"max_items":1},"system_set":{"nesting_mode":"list","block":{"attributes":{"allow_multiple_checkouts":{"type":"bool","description":"Allow multiple password checkouts for this system","description_kind":"plain","optional":true},"allow_rdp_clipboard":{"type":"bool","description":"Allow RDP client to sync local clipboard with remote session","description_kind":"plain","optional":true},"allow_remote_access":{"type":"bool","description":"Allow access from a public network (web client only)","description_kind":"plain","optional":true},"checkout_lifetime":{"type":"number","description":"Checkout lifetime (minutes)","description_kind":"plain","optional":true},"default_profile_id":{"type":"string","description":"Default System Login Profile (used if no conditions matched)","description_kind":"plain","optional":true},"enable_password_history_cleanup":{"type":"bool","description":"Enable periodic password history cleanup","description_kind":"plain","optional":true},"enable_password_rotation":{"type":"bool","description":"Enable periodic password rotation","description_kind":"plain","optional":true},"enable_password_rotation_after_checkin":{"type":"bool","description":"Enable password rotation after checkin","description_kind":"plain","optional":true},"enable_sshkey_history_cleanup":{"type":"bool","description":"Enable periodic SSH key history cleanup","description_kind":"plain","optional":true},"enable_sshkey_rotation":{"type":"bool","description":"Enable periodic SSH key rotation","description_kind":"plain","optional":true},"local_account_automatic_maintenance":{"type":"bool","description":"Enable local account automatic maintenance","description_kind":"plain","optional":true},"local_account_manual_unlock":{"type":"bool","description":"Enable local account manual unlock","description_kind":"plain","optional":true},"minimum_password_age":{"type":"number","description":"Minimum Password Age (days)","description_kind":"plain","optional":true},"minimum_sshkey_age":{"type":"number","description":"Minimum SSH Key Age (days)","description_kind":"plain","optional":true},"password_historycleanup_duration":{"type":"number","description":"Password history cleanup (days)","description_kind":"plain","optional":true},"password_rotate_interval":{"type":"number","description":"Password rotation interval (days)","description_kind":"plain","optional":true},"privilege_elevation_default_profile_id":{"type":"string","description":"Default Privilege Elevation Profile (used if no conditions matched)","description_kind":"plain","optional":true},"remove_user_on_session_end":{"type":"bool","description":"Remove local accounts upon session termination - Windows only ","description_kind":"plain","optional":true},"sshkey_algorithm":{"type":"string","description":"SSH Key Generation Algorithm","description_kind":"plain","optional":true},"sshkey_historycleanup_duration":{"type":"number","description":"SSH key history cleanup (days)","description_kind":"plain","optional":true},"sshkey_rotate_interval":{"type":"number","description":"SSH key rotation interval (days)","description_kind":"plain","optional":true}},"block_types":{"challenge_rule":{"nesting_mode":"list","block":{"attributes":{"authentication_profile_id":{"type":"string","description":"Authentication Profile (if all conditions met)","description_kind":"plain","optional":true}},"block_types":{"rule":{"nesting_mode":"set","block":{"attributes":{"condition":{"type":"string","description_kind":"plain","required":true},"filter":{"type":"string","description_kind":"plain","required":true},"value":{"type":"string","description_kind":"plain","optional":true}},"description_kind":"plain"}}},"description":"Authentication rules","description_kind":"plain"}},"privilege_elevation_rule":{"nesting_mode":"list","block":{"attributes":{"authentication_profile_id":{"type":"string","description":"Authentication Profile (if all conditions met)","description_kind":"plain","optional":true}},"block_types":{"rule":{"nesting_mode":"set","block":{"attributes":{"condition":{"type":"string","description_kind":"plain","required":true},"filter":{"type":"string","description_kind":"plain","required":true},"value":{"type":"string","description_kind":"plain","optional":true}},"description_kind":"plain"}}},"description":"Authentication rules","description_kind":"plain"}}},"description":"Resouces -\u003e Systems","description_kind":"plain"},"max_items":1},"user_account":{"nesting_mode":"list","block":{"attributes":{"admin_defined_questions":{"type":"number","description":"Required number of admin-defined questions","description_kind":"plain","optional":true},"allow_mfa_redirect_change":{"type":"bool","description":"Enable users to redirect multi factor authentication to a different user account","description_kind":"plain","optional":true},"allow_phone_pin_change":{"type":"bool","description":"Enable users to configure a Phone PIN for MFA","description_kind":"plain","optional":true},"allow_user_change_password":{"type":"bool","description":"Enable users to change their passwords","description_kind":"plain","optional":true},"configure_security_questions":{"type":"bool","description":"Enable users to configure Security Questions","description_kind":"plain","optional":true},"default_language":{"type":"string","description":"Default Language","description_kind":"plain","optional":true},"fido2_auth_profile_id":{"type":"string","description":"Authentication Profile required to configure FIDO2 Authenticators","description_kind":"plain","optional":true},"fido2_prompt":{"type":"string","description":"FIDO2 Security Key Display Name","description_kind":"plain","optional":true},"min_char_in_answer":{"type":"number","description":"Minimum number of characters required in answers","description_kind":"plain","optional":true},"min_phone_pin_length":{"type":"number","description":"Minimum Phone PIN length","description_kind":"plain","optional":true},"otp_auth_profile_id":{"type":"string","description":"Authentication Profile required to configure OATH OTP client","description_kind":"plain","optional":true},"otp_prompt":{"type":"string","description":"OATH OTP Display Name","description_kind":"plain","optional":true},"password_change_auth_profile_id":{"type":"string","description":"Authentication Profile required to change password","description_kind":"plain","optional":true},"phone_pin_auth_profile_id":{"type":"string","description":"Authentication Profile required to configure a Phone PIN","description_kind":"plain","optional":true},"prevent_dup_answers":{"type":"bool","description":"Allow duplicate security question answers","description_kind":"plain","optional":true},"question_auth_profile_id":{"type":"string","description":"Authentication Profile required to set Security Questions","description_kind":"plain","optional":true},"show_fido2":{"type":"bool","description":"Enable users to enroll FIDO2 Authenticators","description_kind":"plain","optional":true},"show_otp":{"type":"bool","description":"Enable users to configure an OATH OTP client (requires enabling OATH OTP policy)","description_kind":"plain","optional":true},"user_defined_questions":{"type":"number","description":"Required number of user-defined questions","description_kind":"plain","optional":true},"user_profile_auth_profile_id":{"type":"string","description":"Authentication Profile required to modify Personal Profile","description_kind":"plain","optional":true}},"description":"User Security -\u003e User Account","description_kind":"plain"},"max_items":1}},"description_kind":"plain"},"max_items":1}},"description_kind":"plain"}},"centrify_policyorder":{"version":0,"block":{"attributes":{"id":{"type":"string","description_kind":"plain","optional":true,"computed":true},"policy_order":{"type":["list","string"],"description_kind":"plain","required":true}},"description_kind":"plain"}},"centrify_role":{"version":0,"block":{"attributes":{"adminrights":{"type":["set","string"],"description_kind":"plain","optional":true},"description":{"type":"string","description":"Description of an role","description_kind":"plain","optional":true},"id":{"type":"string","description_kind":"plain","optional":true,"computed":true},"name":{"type":"string","description":"The name of the role","description_kind":"plain","required":true}},"block_types":{"member":{"nesting_mode":"set","block":{"attributes":{"id":{"type":"string","description":"ID of the member","description_kind":"plain","required":true},"name":{"type":"string","description":"Name of the member","description_kind":"plain","optional":true,"computed":true},"type":{"type":"string","description":"Type of the member","description_kind":"plain","required":true}},"description_kind":"plain"}}},"description_kind":"plain"}},"centrify_role_membership":{"version":0,"block":{"attributes":{"id":{"type":"string","description_kind":"plain","optional":true,"computed":true},"role_id":{"type":"string","description":"ID of the role","description_kind":"plain","required":true}},"block_types":{"member":{"nesting_mode":"set","block":{"attributes":{"id":{"type":"string","description":"ID of the member","description_kind":"plain","required":true},"name":{"type":"string","description":"Name of the member","description_kind":"plain","optional":true,"computed":true},"type":{"type":"string","description":"Type of the member","description_kind":"plain","required":true}},"description_kind":"plain"}}},"description_kind":"plain"}},"centrify_secret":{"version":0,"block":{"attributes":{"default_profile_id":{"type":"string","description":"Default Secret Challenge Profile (used if no conditions matched)","description_kind":"plain","optional":true},"description":{"type":"string","description":"Description of the secret","description_kind":"plain","optional":true},"folder_id":{"type":"string","description":"ID of the folder where the secret is located","description_kind":"plain","optional":true},"id":{"type":"string","description_kind":"plain","optional":true,"computed":true},"parent_path":{"type":"string","description":"Path of parent folder","description_kind":"plain","optional":true,"computed":true},"secret_name":{"type":"string","description":"Name of the secret","description_kind":"plain","required":true},"secret_text":{"type":"string","description":"Content of the secret","description_kind":"plain","optional":true,"sensitive":true},"sets":{"type":["set","string"],"description":"Add to list of Sets","description_kind":"plain","optional":true},"type":{"type":"string","description":"Either Text or File","description_kind":"plain","required":true},"workflow_enabled":{"type":"bool","description_kind":"plain","optional":true}},"block_types":{"challenge_rule":{"nesting_mode":"list","block":{"attributes":{"authentication_profile_id":{"type":"string","description":"Authentication Profile (if all conditions met)","description_kind":"plain","optional":true}},"block_types":{"rule":{"nesting_mode":"set","block":{"attributes":{"condition":{"type":"string","description_kind":"plain","required":true},"filter":{"type":"string","description_kind":"plain","required":true},"value":{"type":"string","description_kind":"plain","optional":true}},"description_kind":"plain"}}},"description":"Authentication rules","description_kind":"plain"}},"permission":{"nesting_mode":"set","block":{"attributes":{"principal_id":{"type":"string","description":"Uuid of the principal","description_kind":"plain","required":true},"principal_name":{"type":"string","description":"User name or role name","description_kind":"plain","required":true},"principal_type":{"type":"string","description":"Principal type: User, Role or Group","description_kind":"plain","required":true},"rights":{"type":["set","string"],"description":"Permissions: Grant,View,Edit,Delete","description_kind":"plain","required":true}},"description":"Object permissions","description_kind":"plain"}},"workflow_approver":{"nesting_mode":"list","block":{"attributes":{"guid":{"type":"string","description":"ID of the principal","description_kind":"plain","optional":true},"name":{"type":"string","description":"User or role name of the approver","description_kind":"plain","optional":true},"no_manager_action":{"type":"string","description":"Type of principal","description_kind":"plain","optional":true},"options_selector":{"type":"bool","description_kind":"plain","optional":true},"type":{"type":"string","description":"Type of principal","description_kind":"plain","optional":true}},"block_types":{"backup_approver":{"nesting_mode":"list","block":{"attributes":{"guid":{"type":"string","description":"ID of the principal","description_kind":"plain","optional":true},"name":{"type":"string","description":"User or role name of the approver","description_kind":"plain","optional":true},"type":{"type":"string","description":"Type of principal","description_kind":"plain","optional":true}},"description_kind":"plain"},"max_items":1}},"description":"Workflow approvers","description_kind":"plain"}}},"description_kind":"plain"}},"centrify_secretfolder":{"version":0,"block":{"attributes":{"default_profile_id":{"type":"string","description":"Default Secret Challenge Profile (used if no conditions matched)","description_kind":"plain","optional":true},"description":{"type":"string","description":"Description of an secret folder","description_kind":"plain","optional":true},"id":{"type":"string","description_kind":"plain","optional":true,"computed":true},"name":{"type":"string","description":"The name of the secret folder","description_kind":"plain","required":true},"parent_id":{"type":"string","description":"Parent folder ID of an secret folder","description_kind":"plain","optional":true},"parent_path":{"type":"string","description":"Parent folder path of an secret folder","description_kind":"plain","optional":true,"computed":true}},"block_types":{"challenge_rule":{"nesting_mode":"list","block":{"attributes":{"authentication_profile_id":{"type":"string","description":"Authentication Profile (if all conditions met)","description_kind":"plain","optional":true}},"block_types":{"rule":{"nesting_mode":"set","block":{"attributes":{"condition":{"type":"string","description_kind":"plain","required":true},"filter":{"type":"string","description_kind":"plain","required":true},"value":{"type":"string","description_kind":"plain","optional":true}},"description_kind":"plain"}}},"description":"Authentication rules","description_kind":"plain"}},"member_permission":{"nesting_mode":"set","block":{"attributes":{"principal_id":{"type":"string","description":"Uuid of the principal","description_kind":"plain","required":true},"principal_name":{"type":"string","description":"User name or role name","description_kind":"plain","required":true},"principal_type":{"type":"string","description":"Principal type: User, Role or Group","description_kind":"plain","required":true},"rights":{"type":["set","string"],"description":"Permissions: Grant,View,Edit,Delete","description_kind":"plain","required":true}},"description":"Object permissions","description_kind":"plain"}},"permission":{"nesting_mode":"set","block":{"attributes":{"principal_id":{"type":"string","description":"Uuid of the principal","description_kind":"plain","required":true},"principal_name":{"type":"string","description":"User name or role name","description_kind":"plain","required":true},"principal_type":{"type":"string","description":"Principal type: User, Role or Group","description_kind":"plain","required":true},"rights":{"type":["set","string"],"description":"Permissions: Grant,View,Edit,Delete","description_kind":"plain","required":true}},"description":"Object permissions","description_kind":"plain"}}},"description_kind":"plain"}},"centrify_service":{"version":0,"block":{"attributes":{"admin_account_id":{"type":"string","description":"Administrative account id that used to manage the password for the service","description_kind":"plain","optional":true},"days_of_week":{"type":["set","string"],"description":"Day of the week restart allowed","description_kind":"plain","optional":true},"description":{"type":"string","description":"Description of the service","description_kind":"plain","optional":true},"enable_management":{"type":"bool","description":"Enable management of this service password","description_kind":"plain","optional":true},"id":{"type":"string","description_kind":"plain","optional":true,"computed":true},"multiplexed_account_id":{"type":"string","description":"The multiplexed account id to run the service","description_kind":"plain","optional":true},"restart_end_time":{"type":"string","description":"End time of the time range restart is allowed","description_kind":"plain","optional":true},"restart_service":{"type":"bool","description":"Restart Service when password is rotated","description_kind":"plain","optional":true},"restart_start_time":{"type":"string","description":"Start time of the time range restart is allowed","description_kind":"plain","optional":true},"restart_time_restriction":{"type":"bool","description":"Enforce restart time restrictions","description_kind":"plain","optional":true},"service_name":{"type":"string","description":"The name of the service to be managed.","description_kind":"plain","required":true},"service_type":{"type":"string","description_kind":"plain","required":true},"sets":{"type":["set","string"],"description":"Add to list of Sets","description_kind":"plain","optional":true},"system_id":{"type":"string","description":"The target system id where the service runs","description_kind":"plain","required":true},"use_utc_time":{"type":"bool","description":"Whether to use UTC time","description_kind":"plain","optional":true}},"block_types":{"permission":{"nesting_mode":"set","block":{"attributes":{"principal_id":{"type":"string","description":"Uuid of the principal","description_kind":"plain","required":true},"principal_name":{"type":"string","description":"User name or role name","description_kind":"plain","required":true},"principal_type":{"type":"string","description":"Principal type: User, Role or Group","description_kind":"plain","required":true},"rights":{"type":["set","string"],"description":"Permissions: Grant,View,Edit,Delete","description_kind":"plain","required":true}},"description":"Object permissions","description_kind":"plain"}}},"description_kind":"plain"}},"centrify_sshkey":{"version":0,"block":{"attributes":{"default_profile_id":{"type":"string","description":"Default SSH Key Challenge Profile","description_kind":"plain","optional":true},"description":{"type":"string","description":"Description of the SSH Key","description_kind":"plain","optional":true},"id":{"type":"string","description_kind":"plain","optional":true,"computed":true},"key_type":{"type":"string","description_kind":"plain","optional":true,"computed":true},"name":{"type":"string","description":"Name of the SSH Key","description_kind":"plain","required":true},"passphrase":{"type":"string","description":"Passphrase to use for encrypting the PrivateKey","description_kind":"plain","optional":true,"sensitive":true},"private_key":{"type":"string","description":"SSH private key","description_kind":"plain","optional":true,"sensitive":true},"sets":{"type":["set","string"],"description":"Add to list of Sets","description_kind":"plain","optional":true}},"block_types":{"challenge_rule":{"nesting_mode":"list","block":{"attributes":{"authentication_profile_id":{"type":"string","description":"Authentication Profile (if all conditions met)","description_kind":"plain","optional":true}},"block_types":{"rule":{"nesting_mode":"set","block":{"attributes":{"condition":{"type":"string","description_kind":"plain","required":true},"filter":{"type":"string","description_kind":"plain","required":true},"value":{"type":"string","description_kind":"plain","optional":true}},"description_kind":"plain"}}},"description":"Authentication rules","description_kind":"plain"}},"permission":{"nesting_mode":"set","block":{"attributes":{"principal_id":{"type":"string","description":"Uuid of the principal","description_kind":"plain","required":true},"principal_name":{"type":"string","description":"User name or role name","description_kind":"plain","required":true},"principal_type":{"type":"string","description":"Principal type: User, Role or Group","description_kind":"plain","required":true},"rights":{"type":["set","string"],"description":"Permissions: Grant,View,Edit,Delete","description_kind":"plain","required":true}},"description":"Object permissions","description_kind":"plain"}}},"description_kind":"plain"}},"centrify_system":{"version":0,"block":{"attributes":{"agent_auth_workflow_enabled":{"type":"bool","description_kind":"plain","optional":true},"allow_multiple_checkouts":{"type":"bool","description":"Allow multiple password checkouts for this system","description_kind":"plain","optional":true},"allow_rdp_clipboard":{"type":"bool","description":"Allow RDP client to sync local clipboard with remote session","description_kind":"plain","optional":true},"allow_remote_access":{"type":"bool","description":"Allow access from a public network (web client only)","description_kind":"plain","optional":true},"checkout_lifetime":{"type":"number","description":"Specifies the number of minutes that a checked out password is valid.","description_kind":"plain","optional":true},"computer_class":{"type":"string","description":"Type of the system","description_kind":"plain","required":true},"connector_list":{"type":["set","string"],"description":"List of Connectors","description_kind":"plain","optional":true},"default_profile_id":{"type":"string","description":"Default System Login Profile (used if no conditions matched)","description_kind":"plain","optional":true},"description":{"type":"string","description":"Description of the system","description_kind":"plain","optional":true},"domain_id":{"type":"string","description":"AD domain that this system belongs to","description_kind":"plain","optional":true},"enable_password_history_cleanup":{"type":"bool","description":"Enable periodic password history cleanup","description_kind":"plain","optional":true},"enable_password_rotation":{"type":"bool","description":"Enable periodic password rotation","description_kind":"plain","optional":true},"enable_password_rotation_after_checkin":{"type":"bool","description":"Enable password rotation after checkin","description_kind":"plain","optional":true},"enable_sshkey_history_cleanup":{"type":"bool","description":"Enable periodic SSH key history cleanup","description_kind":"plain","optional":true},"enable_sshkey_rotation":{"type":"bool","description":"Enable periodic SSH key rotation","description_kind":"plain","optional":true},"enable_zonerole_workflow":{"type":"bool","description":"Enable zone role requests for this system","description_kind":"plain","optional":true},"fqdn":{"type":"string","description":"Hostname or IP address of the system","description_kind":"plain","required":true},"id":{"type":"string","description_kind":"plain","optional":true,"computed":true},"local_account_automatic_maintenance":{"type":"bool","description":"Local Account Automatic Maintenance","description_kind":"plain","optional":true},"local_account_manual_unlock":{"type":"bool","description":"Local Account Manual Unlock","description_kind":"plain","optional":true},"management_mode":{"type":"string","description":"Management mode of the system. For Windows only","description_kind":"plain","optional":true,"computed":true},"management_port":{"type":"number","description":"Management port for account management. For Windows, F5, PAN-OS and VMKernel only","description_kind":"plain","optional":true},"minimum_password_age":{"type":"number","description":"Minimum Password Age (days)","description_kind":"plain","optional":true},"minimum_sshkey_age":{"type":"number","description":"Minimum SSH Key Age (days)","description_kind":"plain","optional":true},"name":{"type":"string","description":"The name of the system","description_kind":"plain","required":true},"password_historycleanup_duration":{"type":"number","description":"Password history cleanup (days)","description_kind":"plain","optional":true},"password_profile_id":{"type":"string","description":"Password complexity profile id","description_kind":"plain","optional":true},"password_rotate_interval":{"type":"number","description":"Password rotation interval (days)","description_kind":"plain","optional":true},"port":{"type":"number","description":"Port that used to connect to the system","description_kind":"plain","optional":true},"privilege_elevation_default_profile_id":{"type":"string","description":"Default Privilege Elevation Profile (used if no conditions matched)","description_kind":"plain","optional":true},"privilege_elevation_workflow_enabled":{"type":"bool","description_kind":"plain","optional":true},"proxyuser":{"type":"string","description_kind":"plain","optional":true},"proxyuser_managed":{"type":"bool","description_kind":"plain","optional":true},"proxyuser_password":{"type":"string","description_kind":"plain","optional":true,"sensitive":true},"remove_user_on_session_end":{"type":"bool","description":"Remove local accounts upon session termination - Windows only ","description_kind":"plain","optional":true},"session_type":{"type":"string","description":"Login session type that the system supports","description_kind":"plain","required":true},"sets":{"type":["set","string"],"description":"Add to list of Sets","description_kind":"plain","optional":true},"sshkey_algorithm":{"type":"string","description":"SSH Key Generation Algorithm","description_kind":"plain","optional":true},"sshkey_historycleanup_duration":{"type":"number","description":"SSH key history cleanup (days)","description_kind":"plain","optional":true},"sshkey_rotate_interval":{"type":"number","description":"SSH key rotation interval (days)","description_kind":"plain","optional":true},"status":{"type":"string","description_kind":"plain","computed":true},"system_timezone":{"type":"string","description":"System time zone","description_kind":"plain","optional":true,"computed":true},"use_domain_assignment_for_zonerole_approvers":{"type":"bool","description":"Approver list - Use domain assignments","description_kind":"plain","optional":true},"use_domain_assignment_for_zoneroles":{"type":"bool","description":"Assignable Zone Roles - Use domain assignments","description_kind":"plain","optional":true},"use_domainadmin_for_zonerole_workflow":{"type":"bool","description":"Use Domain Administrator Account for Zone Role Workflow operations","description_kind":"plain","optional":true},"use_my_account":{"type":"bool","description":"Enable Use My Account","description_kind":"plain","optional":true}},"block_types":{"agent_auth_workflow_approver":{"nesting_mode":"list","block":{"attributes":{"guid":{"type":"string","description":"ID of the principal","description_kind":"plain","optional":true},"name":{"type":"string","description":"User or role name of the approver","description_kind":"plain","optional":true},"no_manager_action":{"type":"string","description":"Type of principal","description_kind":"plain","optional":true},"options_selector":{"type":"bool","description_kind":"plain","optional":true},"type":{"type":"string","description":"Type of principal","description_kind":"plain","optional":true}},"block_types":{"backup_approver":{"nesting_mode":"list","block":{"attributes":{"guid":{"type":"string","description":"ID of the principal","description_kind":"plain","optional":true},"name":{"type":"string","description":"User or role name of the approver","description_kind":"plain","optional":true},"type":{"type":"string","description":"Type of principal","description_kind":"plain","optional":true}},"description_kind":"plain"},"max_items":1}},"description":"Workflow approvers","description_kind":"plain"}},"assigned_zonerole":{"nesting_mode":"set","block":{"attributes":{"description":{"type":"string","description":"Description of the zone role","description_kind":"plain","optional":true},"name":{"type":"string","description":"Zone role name. In the format of \u003czone role name\u003e/\u003czone name\u003e","description_kind":"plain","required":true},"parent_zone_dn":{"type":"string","description":"DN of the parent zone","description_kind":"plain","optional":true},"unix":{"type":"bool","description":"The zone role is for Unix","description_kind":"plain","optional":true},"windows":{"type":"bool","description":"The zone role is for Windows","description_kind":"plain","optional":true},"zone_canonical_name":{"type":"string","description":"Cannoical name of the zone","description_kind":"plain","optional":true},"zone_description":{"type":"string","description":"Description of the zone","description_kind":"plain","optional":true},"zone_dn":{"type":"string","description":"Distinguished Name (DN) of the zone","description_kind":"plain","optional":true}},"description":"Zone Role","description_kind":"plain"}},"assigned_zonerole_approver":{"nesting_mode":"list","block":{"attributes":{"guid":{"type":"string","description":"ID of the principal","description_kind":"plain","optional":true},"name":{"type":"string","description":"User or role name of the approver","description_kind":"plain","optional":true},"no_manager_action":{"type":"string","description":"Type of principal","description_kind":"plain","optional":true},"options_selector":{"type":"bool","description_kind":"plain","optional":true},"type":{"type":"string","description":"Type of principal","description_kind":"plain","optional":true}},"block_types":{"backup_approver":{"nesting_mode":"list","block":{"attributes":{"guid":{"type":"string","description":"ID of the principal","description_kind":"plain","optional":true},"name":{"type":"string","description":"User or role name of the approver","description_kind":"plain","optional":true},"type":{"type":"string","description":"Type of principal","description_kind":"plain","optional":true}},"description_kind":"plain"},"max_items":1}},"description":"Workflow approvers","description_kind":"plain"}},"challenge_rule":{"nesting_mode":"list","block":{"attributes":{"authentication_profile_id":{"type":"string","description":"Authentication Profile (if all conditions met)","description_kind":"plain","optional":true}},"block_types":{"rule":{"nesting_mode":"set","block":{"attributes":{"condition":{"type":"string","description_kind":"plain","required":true},"filter":{"type":"string","description_kind":"plain","required":true},"value":{"type":"string","description_kind":"plain","optional":true}},"description_kind":"plain"}}},"description":"Authentication rules","description_kind":"plain"}},"permission":{"nesting_mode":"set","block":{"attributes":{"principal_id":{"type":"string","description":"Uuid of the principal","description_kind":"plain","required":true},"principal_name":{"type":"string","description":"User name or role name","description_kind":"plain","required":true},"principal_type":{"type":"string","description":"Principal type: User, Role or Group","description_kind":"plain","required":true},"rights":{"type":["set","string"],"description":"Permissions: Grant,View,Edit,Delete","description_kind":"plain","required":true}},"description":"Object permissions","description_kind":"plain"}},"privilege_elevation_rule":{"nesting_mode":"list","block":{"attributes":{"authentication_profile_id":{"type":"string","description":"Authentication Profile (if all conditions met)","description_kind":"plain","optional":true}},"block_types":{"rule":{"nesting_mode":"set","block":{"attributes":{"condition":{"type":"string","description_kind":"plain","required":true},"filter":{"type":"string","description_kind":"plain","required":true},"value":{"type":"string","description_kind":"plain","optional":true}},"description_kind":"plain"}}},"description":"Authentication rules","description_kind":"plain"}},"privilege_elevation_workflow_approver":{"nesting_mode":"list","block":{"attributes":{"guid":{"type":"string","description":"ID of the principal","description_kind":"plain","optional":true},"name":{"type":"string","description":"User or role name of the approver","description_kind":"plain","optional":true},"no_manager_action":{"type":"string","description":"Type of principal","description_kind":"plain","optional":true},"options_selector":{"type":"bool","description_kind":"plain","optional":true},"type":{"type":"string","description":"Type of principal","description_kind":"plain","optional":true}},"block_types":{"backup_approver":{"nesting_mode":"list","block":{"attributes":{"guid":{"type":"string","description":"ID of the principal","description_kind":"plain","optional":true},"name":{"type":"string","description":"User or role name of the approver","description_kind":"plain","optional":true},"type":{"type":"string","description":"Type of principal","description_kind":"plain","optional":true}},"description_kind":"plain"},"max_items":1}},"description":"Workflow approvers","description_kind":"plain"}}},"description_kind":"plain"}},"centrify_user":{"version":0,"block":{"attributes":{"confirm_password":{"type":"string","description":"Password of the user","description_kind":"plain","optional":true,"sensitive":true},"description":{"type":"string","description":"Description of the user","description_kind":"plain","optional":true},"displayname":{"type":"string","description":"Display name","description_kind":"plain","optional":true},"email":{"type":"string","description":"Email address","description_kind":"plain","optional":true},"force_password_change_next":{"type":"bool","description":"Require password change at next login","description_kind":"plain","optional":true},"home_number":{"type":"string","description_kind":"plain","optional":true},"id":{"type":"string","description_kind":"plain","optional":true,"computed":true},"manager_username":{"type":"string","description":"Username of the manager","description_kind":"plain","optional":true},"mobile_number":{"type":"string","description_kind":"plain","optional":true},"oauth_client":{"type":"bool","description":"Is OAuth confidential client","description_kind":"plain","optional":true},"office_number":{"type":"string","description_kind":"plain","optional":true},"password":{"type":"string","description":"Password of the user","description_kind":"plain","optional":true,"sensitive":true},"password_never_expire":{"type":"bool","description":"Password never expires","description_kind":"plain","optional":true},"redirect_mfa_user_id":{"type":"string","description":"Redirect multi factor authentication to a different user account (UUID value)","description_kind":"plain","optional":true},"roles":{"type":["set","string"],"description":"Add to list of Roles","description_kind":"plain","optional":true},"send_email_invite":{"type":"bool","description":"Send email invite for user profile setup","description_kind":"plain","optional":true},"username":{"type":"string","description":"The username in loginid@suffix format","description_kind":"plain","required":true}},"description_kind":"plain"}},"centrify_userpassword":{"version":0,"block":{"attributes":{"id":{"type":"string","description_kind":"plain","optional":true,"computed":true},"password":{"type":"string","description":"New password of the user","description_kind":"plain","optional":true,"sensitive":true},"user_uuid":{"type":"string","description":"The uuid of Centrify Directory User","description_kind":"plain","required":true}},"description_kind":"plain"}},"centrify_webapp_generic":{"version":0,"block":{"attributes":{"additional_login_field":{"type":"string","description":"The CSS Selector for any Additional Login Field required to login besides username and password, such as Company name or Agency ID. For example, the selector could be input#login-company-id. This entry is required only if there is an additional login field besides username and password.","description_kind":"plain","optional":true},"additional_login_field_value":{"type":"string","description":"The value for the Additional Login Field. For example, if there is an additional login field for the company name, enter the company name here. This entry is required if Additional Login Field is set.","description_kind":"plain","optional":true},"default_profile_id":{"type":"string","description":"Default authentication profile ID","description_kind":"plain","optional":true},"description":{"type":"string","description":"Description of the Web App","description_kind":"plain","optional":true},"form_field":{"type":"string","description":"The CSS Selector for the form field of the login form, for example, form#loginForm.","description_kind":"plain","optional":true},"hostname_suffix":{"type":"string","description":"The host name suffix for the url of the login form, for example, acme.com.","description_kind":"plain","optional":true},"id":{"type":"string","description_kind":"plain","optional":true,"computed":true},"name":{"type":"string","description":"Name of the Web App","description_kind":"plain","required":true},"order":{"type":"string","description":"Use this field to specify the order of login if it is not username, password and submit.","description_kind":"plain","optional":true},"password":{"type":"string","description":"Password for all user share one name","description_kind":"plain","optional":true,"sensitive":true},"password_field":{"type":"string","description":"The CSS Selector for the password field in the login form, for example, input#login-password.","description_kind":"plain","optional":true},"policy_script":{"type":"string","description":"Use script to specify authentication rules (configured rules are ignored)","description_kind":"plain","optional":true},"script":{"type":"string","description":"Script to log the user in to this application","description_kind":"plain","optional":true},"selector_timeout":{"type":"number","description":"Use this field to indicate the number of milliseconds to wait for the expected input selectors to load before timing out on failure. A zero or negative number means no timeout.","description_kind":"plain","optional":true},"sets":{"type":["set","string"],"description":"Add to list of Sets","description_kind":"plain","optional":true},"submit_field":{"type":"string","description":"The CSS Selector for the Submit button in the login form, for example, input#login-button. This entry is optional. It is required only if you cannot submit the form by pressing the enter key.","description_kind":"plain","optional":true},"template_name":{"type":"string","description":"Template name of the Web App","description_kind":"plain","required":true},"url":{"type":"string","description":"The URL of the application","description_kind":"plain","optional":true},"use_ad_login_pw":{"type":"bool","description":"Use the login password supplied by the user (Active Directory users only)","description_kind":"plain","optional":true},"use_ad_login_pw_by_script":{"type":"bool","description":"Use the login password supplied by the user for account mapping script (Active Directory users only)","description_kind":"plain","optional":true},"user_map_script":{"type":"string","description":"Account mapping script","description_kind":"plain","optional":true},"username":{"type":"string","description":"All users share the user name. Applicable if 'username_strategy' is 'Fixed'","description_kind":"plain","optional":true},"username_field":{"type":"string","description":"The CSS Selector for the user name field in the login form, for example, input#login-username.","description_kind":"plain","optional":true},"username_strategy":{"type":"string","description":"Account mapping","description_kind":"plain","optional":true},"workflow_enabled":{"type":"bool","description_kind":"plain","optional":true},"workflow_settings":{"type":"string","description_kind":"plain","optional":true,"computed":true}},"block_types":{"challenge_rule":{"nesting_mode":"list","block":{"attributes":{"authentication_profile_id":{"type":"string","description":"Authentication Profile (if all conditions met)","description_kind":"plain","optional":true}},"block_types":{"rule":{"nesting_mode":"set","block":{"attributes":{"condition":{"type":"string","description_kind":"plain","required":true},"filter":{"type":"string","description_kind":"plain","required":true},"value":{"type":"string","description_kind":"plain","optional":true}},"description_kind":"plain"}}},"description":"Authentication rules","description_kind":"plain"}},"permission":{"nesting_mode":"set","block":{"attributes":{"principal_id":{"type":"string","description":"Uuid of the principal","description_kind":"plain","required":true},"principal_name":{"type":"string","description":"User name or role name","description_kind":"plain","required":true},"principal_type":{"type":"string","description":"Principal type: User, Role or Group","description_kind":"plain","required":true},"rights":{"type":["set","string"],"description":"Permissions: Grant,View,Edit,Delete","description_kind":"plain","required":true}},"description":"Object permissions","description_kind":"plain"}},"workflow_approver":{"nesting_mode":"list","block":{"attributes":{"guid":{"type":"string","description":"ID of the principal","description_kind":"plain","optional":true},"name":{"type":"string","description":"User or role name of the approver","description_kind":"plain","optional":true},"no_manager_action":{"type":"string","description":"Type of principal","description_kind":"plain","optional":true},"options_selector":{"type":"bool","description_kind":"plain","optional":true},"type":{"type":"string","description":"Type of principal","description_kind":"plain","optional":true}},"block_types":{"backup_approver":{"nesting_mode":"list","block":{"attributes":{"guid":{"type":"string","description":"ID of the principal","description_kind":"plain","optional":true},"name":{"type":"string","description":"User or role name of the approver","description_kind":"plain","optional":true},"type":{"type":"string","description":"Type of principal","description_kind":"plain","optional":true}},"description_kind":"plain"},"max_items":1}},"description":"Workflow approvers","description_kind":"plain"}}},"description_kind":"plain"}},"centrify_webapp_oauth":{"version":0,"block":{"attributes":{"application_id":{"type":"string","description":"Application ID. Specify the name or 'target' that the mobile application uses to find this application.","description_kind":"plain","required":true},"description":{"type":"string","description":"Description of the Web App","description_kind":"plain","optional":true},"id":{"type":"string","description_kind":"plain","optional":true,"computed":true},"name":{"type":"string","description":"Name of the Web App","description_kind":"plain","required":true},"oidc_script":{"type":"string","description_kind":"plain","optional":true,"computed":true},"script":{"type":"string","description":"Script to customize JWT token creation for this application","description_kind":"plain","optional":true},"sets":{"type":["set","string"],"description":"Add to list of Sets","description_kind":"plain","optional":true},"template_name":{"type":"string","description":"Template name of the Web App","description_kind":"plain","required":true}},"block_types":{"oauth_profile":{"nesting_mode":"list","block":{"attributes":{"allow_refresh":{"type":"bool","description":"Issue refresh tokens","description_kind":"plain","optional":true},"allow_scope_select":{"type":"bool","description":"Allow scope selection","description_kind":"plain","optional":true},"allowed_auth":{"type":["set","string"],"description":"Authentication methods","description_kind":"plain","required":true},"allowed_clients":{"type":["set","string"],"description":"Allowed clients","description_kind":"plain","optional":true},"audience":{"type":"string","description":"OAuth server audience","description_kind":"plain","optional":true},"clientid_type":{"type":"number","description":"ClientID type","description_kind":"plain","required":true},"confirm_authorization":{"type":"bool","description":"User must confirm authorization request","description_kind":"plain","optional":true},"issuer":{"type":"string","description":"OAuth server issuer","description_kind":"plain","optional":true},"must_oauth_client":{"type":"bool","description":"Must be OAuth Client","description_kind":"plain","optional":true},"redirects":{"type":["set","string"],"description":"Redirects","description_kind":"plain","optional":true},"refresh_lifetime":{"type":"string","description":"Refresh token lifetime","description_kind":"plain","optional":true},"target_is_us":{"type":"bool","description_kind":"plain","optional":true},"token_lifetime":{"type":"string","description":"Token lifetime","description_kind":"plain","required":true},"token_type":{"type":"string","description":"ClientID type","description_kind":"plain","required":true}},"block_types":{"scope":{"nesting_mode":"set","block":{"attributes":{"allowed_rest_apis":{"type":["set","string"],"description":"Allowed REST APIs","description_kind":"plain","optional":true},"description":{"type":"string","description_kind":"plain","optional":true},"name":{"type":"string","description_kind":"plain","required":true}},"description":"Scope definitions","description_kind":"plain"}}},"description_kind":"plain"},"max_items":1},"permission":{"nesting_mode":"set","block":{"attributes":{"principal_id":{"type":"string","description":"Uuid of the principal","description_kind":"plain","required":true},"principal_name":{"type":"string","description":"User name or role name","description_kind":"plain","required":true},"principal_type":{"type":"string","description":"Principal type: User, Role or Group","description_kind":"plain","required":true},"rights":{"type":["set","string"],"description":"Permissions: Grant,View,Edit,Delete","description_kind":"plain","required":true}},"description":"Object permissions","description_kind":"plain"}}},"description_kind":"plain"}},"centrify_webapp_oidc":{"version":0,"block":{"attributes":{"application_id":{"type":"string","description":"Application ID. Specify the name or 'target' that the mobile application uses to find this application.","description_kind":"plain","required":true},"default_profile_id":{"type":"string","description":"Default authentication profile ID","description_kind":"plain","optional":true},"description":{"type":"string","description":"Description of the Web App","description_kind":"plain","optional":true},"id":{"type":"string","description_kind":"plain","optional":true,"computed":true},"name":{"type":"string","description":"Name of the Web App","description_kind":"plain","required":true},"oidc_script":{"type":"string","description_kind":"plain","optional":true,"computed":true},"policy_script":{"type":"string","description":"Use script to specify authentication rules (configured rules are ignored)","description_kind":"plain","optional":true},"script":{"type":"string","description":"Script to generate OpenID Connect Authorization and UserInfo responses for this application","description_kind":"plain","optional":true},"sets":{"type":["set","string"],"description":"Add to list of Sets","description_kind":"plain","optional":true},"template_name":{"type":"string","description":"Template name of the Web App","description_kind":"plain","required":true},"user_map_script":{"type":"string","description":"Account mapping script. Applicable if 'username_strategy' is 'UseScript'","description_kind":"plain","optional":true},"username":{"type":"string","description":"All users share the user name. Applicable if 'username_strategy' is 'Fixed'","description_kind":"plain","optional":true},"username_strategy":{"type":"string","description":"Account mapping","description_kind":"plain","optional":true},"workflow_enabled":{"type":"bool","description_kind":"plain","optional":true},"workflow_settings":{"type":"string","description_kind":"plain","optional":true,"computed":true}},"block_types":{"challenge_rule":{"nesting_mode":"list","block":{"attributes":{"authentication_profile_id":{"type":"string","description":"Authentication Profile (if all conditions met)","description_kind":"plain","optional":true}},"block_types":{"rule":{"nesting_mode":"set","block":{"attributes":{"condition":{"type":"string","description_kind":"plain","required":true},"filter":{"type":"string","description_kind":"plain","required":true},"value":{"type":"string","description_kind":"plain","optional":true}},"description_kind":"plain"}}},"description":"Authentication rules","description_kind":"plain"}},"oauth_profile":{"nesting_mode":"list","block":{"attributes":{"allow_refresh":{"type":"bool","description":"Issue refresh tokens","description_kind":"plain","optional":true},"application_url":{"type":"string","description":"Resource application URL. The OpenID Connect Service Provider URL","description_kind":"plain","required":true},"client_id":{"type":"string","description":"The OpenID Client ID for this Identity Provider","description_kind":"plain","computed":true},"client_secret":{"type":"string","description":"The OpenID Client Secret for this Identity Provider","description_kind":"plain","optional":true,"sensitive":true},"issuer":{"type":"string","description":"The OpenID Connect Issuer URL for this application","description_kind":"plain","computed":true},"redirects":{"type":["set","string"],"description":"Authorized Redirect URIs. Redirect URI that the Service Provider will specify in the OpenID Connect request to Centrify","description_kind":"plain","required":true},"refresh_lifetime":{"type":"string","description":"Refresh token lifetime","description_kind":"plain","optional":true},"script":{"type":"string","description":"Script to generate OpenID Connect Authorization and UserInfo responses for this application","description_kind":"plain","optional":true},"token_lifetime":{"type":"string","description":"Token lifetime","description_kind":"plain","required":true}},"description_kind":"plain"},"max_items":1},"permission":{"nesting_mode":"set","block":{"attributes":{"principal_id":{"type":"string","description":"Uuid of the principal","description_kind":"plain","required":true},"principal_name":{"type":"string","description":"User name or role name","description_kind":"plain","required":true},"principal_type":{"type":"string","description":"Principal type: User, Role or Group","description_kind":"plain","required":true},"rights":{"type":["set","string"],"description":"Permissions: Grant,View,Edit,Delete","description_kind":"plain","required":true}},"description":"Object permissions","description_kind":"plain"}},"workflow_approver":{"nesting_mode":"list","block":{"attributes":{"guid":{"type":"string","description":"ID of the principal","description_kind":"plain","optional":true},"name":{"type":"string","description":"User or role name of the approver","description_kind":"plain","optional":true},"no_manager_action":{"type":"string","description":"Type of principal","description_kind":"plain","optional":true},"options_selector":{"type":"bool","description_kind":"plain","optional":true},"type":{"type":"string","description":"Type of principal","description_kind":"plain","optional":true}},"block_types":{"backup_approver":{"nesting_mode":"list","block":{"attributes":{"guid":{"type":"string","description":"ID of the principal","description_kind":"plain","optional":true},"name":{"type":"string","description":"User or role name of the approver","description_kind":"plain","optional":true},"type":{"type":"string","description":"Type of principal","description_kind":"plain","optional":true}},"description_kind":"plain"},"max_items":1}},"description":"Workflow approvers","description_kind":"plain"}}},"description_kind":"plain"}},"centrify_webapp_saml":{"version":0,"block":{"attributes":{"acs_url":{"type":"string","description":"Assertion Consumer Service (ACS) URL","description_kind":"plain","optional":true},"app_entity_id":{"type":"string","description":"Cloudera Entity ID or JIRA Cloud SP Entity ID","description_kind":"plain","optional":true},"application_id":{"type":"string","description":"Application ID. Specify the name or 'target' that the mobile application uses to find this application.","description_kind":"plain","optional":true},"authn_context_class":{"type":"string","description":"Select the Authentication Context Class that your Service Provider specifies to use. If SP does not specify one, select 'unspecified'.","description_kind":"plain","optional":true},"corp_identifier":{"type":"string","description":"AWS Account ID or Jira Cloud Subdomain","description_kind":"plain","optional":true},"default_profile_id":{"type":"string","description":"Default authentication profile ID","description_kind":"plain","optional":true},"description":{"type":"string","description":"Description of the Web App","description_kind":"plain","optional":true},"id":{"type":"string","description_kind":"plain","optional":true,"computed":true},"idp_metadata_url":{"type":"string","description_kind":"plain","computed":true},"name":{"type":"string","description":"Name of the Web App","description_kind":"plain","required":true},"name_id_format":{"type":"string","description":"This is the Format attribute value in the \u003cNameID\u003e element in SAML Response. Select the NameID Format that your Service Provider specifies to use. If SP does not specify one, select 'unspecified'.","description_kind":"plain","optional":true},"policy_script":{"type":"string","description":"Use script to specify authentication rules (configured rules are ignored)","description_kind":"plain","optional":true},"recipient":{"type":"string","description":"Service Provider recipient if it is different from ACS URL","description_kind":"plain","optional":true},"recipient_sameas_acs_url":{"type":"bool","description":"Recipient is same as ACS URL","description_kind":"plain","optional":true},"relay_state":{"type":"string","description":"If your Service Provider specifies a Relay State value to use, specify it here.","description_kind":"plain","optional":true},"saml_response_script":{"type":"string","description":"Javascript used to produce custom logic for SAML response","description_kind":"plain","optional":true},"sets":{"type":["set","string"],"description":"Add to list of Sets","description_kind":"plain","optional":true},"sign_assertion":{"type":"bool","description":"Sign assertion if true, otherwise sign response","description_kind":"plain","optional":true},"sp_config_method":{"type":"number","description":"Service Provider configuration method: metadata or manual configuration","description_kind":"plain","required":true},"sp_entity_id":{"type":"string","description":"SP Entity ID, also known as SP Issuer, or Audience, is a value given by your Service Provider","description_kind":"plain","optional":true},"sp_metadata_url":{"type":"string","description_kind":"plain","optional":true},"sp_metadata_xml":{"type":"string","description":"Service Provider metadata in XML format","description_kind":"plain","optional":true},"sp_single_logout_url":{"type":"string","description":"Single Logout URL","description_kind":"plain","optional":true},"template_name":{"type":"string","description":"Template name of the Web App","description_kind":"plain","required":true},"user_map_script":{"type":"string","description":"Account mapping script. Applicable if 'username_strategy' is 'UseScript'","description_kind":"plain","optional":true},"username":{"type":"string","description":"All users share the user name. Applicable if 'username_strategy' is 'Fixed'","description_kind":"plain","optional":true},"username_strategy":{"type":"string","description":"Account mapping","description_kind":"plain","optional":true},"workflow_enabled":{"type":"bool","description_kind":"plain","optional":true}},"block_types":{"challenge_rule":{"nesting_mode":"list","block":{"attributes":{"authentication_profile_id":{"type":"string","description":"Authentication Profile (if all conditions met)","description_kind":"plain","optional":true}},"block_types":{"rule":{"nesting_mode":"set","block":{"attributes":{"condition":{"type":"string","description_kind":"plain","required":true},"filter":{"type":"string","description_kind":"plain","required":true},"value":{"type":"string","description_kind":"plain","optional":true}},"description_kind":"plain"}}},"description":"Authentication rules","description_kind":"plain"}},"permission":{"nesting_mode":"set","block":{"attributes":{"principal_id":{"type":"string","description":"Uuid of the principal","description_kind":"plain","required":true},"principal_name":{"type":"string","description":"User name or role name","description_kind":"plain","required":true},"principal_type":{"type":"string","description":"Principal type: User, Role or Group","description_kind":"plain","required":true},"rights":{"type":["set","string"],"description":"Permissions: Grant,View,Edit,Delete","description_kind":"plain","required":true}},"description":"Object permissions","description_kind":"plain"}},"saml_attribute":{"nesting_mode":"set","block":{"attributes":{"name":{"type":"string","description_kind":"plain","optional":true},"value":{"type":"string","description_kind":"plain","optional":true}},"description":"Map attributes from your source directory to SAML attributes that should be included in the SAML response for this application.","description_kind":"plain"}},"workflow_approver":{"nesting_mode":"list","block":{"attributes":{"guid":{"type":"string","description":"ID of the principal","description_kind":"plain","optional":true},"name":{"type":"string","description":"User or role name of the approver","description_kind":"plain","optional":true},"no_manager_action":{"type":"string","description":"Type of principal","description_kind":"plain","optional":true},"options_selector":{"type":"bool","description_kind":"plain","optional":true},"type":{"type":"string","description":"Type of principal","description_kind":"plain","optional":true}},"block_types":{"backup_approver":{"nesting_mode":"list","block":{"attributes":{"guid":{"type":"string","description":"ID of the principal","description_kind":"plain","optional":true},"name":{"type":"string","description":"User or role name of the approver","description_kind":"plain","optional":true},"type":{"type":"string","description":"Type of principal","description_kind":"plain","optional":true}},"description_kind":"plain"},"max_items":1}},"description":"Workflow approvers","description_kind":"plain"}}},"description_kind":"plain"}},"centrifyvault_authenticationprofile":{"version":0,"block":{"attributes":{"challenges":{"type":["list","string"],"description":"Authentication mechanisms for challenges","description_kind":"plain","required":true},"id":{"type":"string","description_kind":"plain","optional":true,"computed":true},"name":{"type":"string","description":"The name of the authenticaiton profile","description_kind":"plain","required":true},"pass_through_duration":{"type":"number","description":"Challenge Pass-Through Duration","description_kind":"plain","optional":true},"uuid":{"type":"string","description":"The UUID of the authenticaiton profile","description_kind":"plain","computed":true}},"block_types":{"additional_data":{"nesting_mode":"list","block":{"attributes":{"number_of_questions":{"type":"number","description":"Number of questions user must answer","description_kind":"plain","optional":true}},"description_kind":"plain"},"max_items":1}},"description_kind":"plain","deprecated":true}},"centrifyvault_cloudprovider":{"version":0,"block":{"attributes":{"cloud_account_id":{"type":"string","description":"Account ID of the cloud provider","description_kind":"plain","required":true},"default_profile_id":{"type":"string","description":"Default Root Account Login Profile (used if no conditions matched)","description_kind":"plain","optional":true},"description":{"type":"string","description":"Description of the cloud provider","description_kind":"plain","optional":true},"enable_interactive_password_rotation":{"type":"bool","description":"Enable interactive password rotation","description_kind":"plain","optional":true},"enable_password_rotation_reminders":{"type":"bool","description":"Enable password rotation reminders","description_kind":"plain","optional":true},"id":{"type":"string","description_kind":"plain","optional":true,"computed":true},"name":{"type":"string","description":"Name of the cloud provider","description_kind":"plain","required":true},"password_rotation_reminder_duration":{"type":"number","description":"Minimum number of days since last rotation to trigger a reminder","description_kind":"plain","optional":true},"prompt_change_root_password":{"type":"bool","description":"Prompt to change root password every login and password checkin","description_kind":"plain","optional":true},"sets":{"type":["set","string"],"description":"Add to list of Sets","description_kind":"plain","optional":true},"type":{"type":"string","description":"Type of the cloud provider","description_kind":"plain","required":true}},"block_types":{"challenge_rule":{"nesting_mode":"list","block":{"attributes":{"authentication_profile_id":{"type":"string","description":"Authentication Profile (if all conditions met)","description_kind":"plain","optional":true}},"block_types":{"rule":{"nesting_mode":"set","block":{"attributes":{"condition":{"type":"string","description_kind":"plain","required":true},"filter":{"type":"string","description_kind":"plain","required":true},"value":{"type":"string","description_kind":"plain","optional":true}},"description_kind":"plain"}}},"description":"Authentication rules","description_kind":"plain"}},"permission":{"nesting_mode":"set","block":{"attributes":{"principal_id":{"type":"string","description":"Uuid of the principal","description_kind":"plain","required":true},"principal_name":{"type":"string","description":"User name or role name","description_kind":"plain","required":true},"principal_type":{"type":"string","description":"Principal type: User, Role or Group","description_kind":"plain","required":true},"rights":{"type":["set","string"],"description":"Permissions: Grant,View,Edit,Delete","description_kind":"plain","required":true}},"description":"Object permissions","description_kind":"plain"}}},"description_kind":"plain","deprecated":true}},"centrifyvault_desktopapp":{"version":0,"block":{"attributes":{"application_account_id":{"type":"string","description":"Host login credential account","description_kind":"plain","optional":true},"application_alias":{"type":"string","description":"The alias name of the published RemoteApp program","description_kind":"plain","required":true},"application_host_id":{"type":"string","description":"Application host","description_kind":"plain","required":true},"command_line":{"type":"string","description":"Command line","description_kind":"plain","optional":true},"default_profile_id":{"type":"string","description":"Default authentication profile ID","description_kind":"plain","optional":true},"description":{"type":"string","description":"Description of the Desktop App","description_kind":"plain","optional":true},"id":{"type":"string","description_kind":"plain","optional":true,"computed":true},"login_credential_type":{"type":"string","description":"Host login credential type","description_kind":"plain","required":true},"name":{"type":"string","description":"Name of the Desktop App","description_kind":"plain","required":true},"policy_script":{"type":"string","description":"Use script to specify authentication rules (configured rules are ignored)","description_kind":"plain","optional":true},"sets":{"type":["set","string"],"description":"Add to list of Sets","description_kind":"plain","optional":true},"template_name":{"type":"string","description":"Template name of the Desktop App","description_kind":"plain","required":true},"workflow_enabled":{"type":"bool","description_kind":"plain","optional":true}},"block_types":{"challenge_rule":{"nesting_mode":"list","block":{"attributes":{"authentication_profile_id":{"type":"string","description":"Authentication Profile (if all conditions met)","description_kind":"plain","optional":true}},"block_types":{"rule":{"nesting_mode":"set","block":{"attributes":{"condition":{"type":"string","description_kind":"plain","required":true},"filter":{"type":"string","description_kind":"plain","required":true},"value":{"type":"string","description_kind":"plain","optional":true}},"description_kind":"plain"}}},"description":"Authentication rules","description_kind":"plain"}},"command_parameter":{"nesting_mode":"set","block":{"attributes":{"name":{"type":"string","description":"Name of the parameter","description_kind":"plain","required":true},"target_object_id":{"type":"string","description":"ID of selected parameter value","description_kind":"plain","optional":true},"type":{"type":"string","description":"Type of the parameter","description_kind":"plain","required":true},"value":{"type":"string","description_kind":"plain","optional":true}},"description_kind":"plain"}},"permission":{"nesting_mode":"set","block":{"attributes":{"principal_id":{"type":"string","description":"Uuid of the principal","description_kind":"plain","required":true},"principal_name":{"type":"string","description":"User name or role name","description_kind":"plain","required":true},"principal_type":{"type":"string","description":"Principal type: User, Role or Group","description_kind":"plain","required":true},"rights":{"type":["set","string"],"description":"Permissions: Grant,View,Edit,Delete","description_kind":"plain","required":true}},"description":"Object permissions","description_kind":"plain"}},"workflow_approver":{"nesting_mode":"list","block":{"attributes":{"guid":{"type":"string","description":"ID of the principal","description_kind":"plain","optional":true},"name":{"type":"string","description":"User or role name of the approver","description_kind":"plain","optional":true},"no_manager_action":{"type":"string","description":"Type of principal","description_kind":"plain","optional":true},"options_selector":{"type":"bool","description_kind":"plain","optional":true},"type":{"type":"string","description":"Type of principal","description_kind":"plain","optional":true}},"block_types":{"backup_approver":{"nesting_mode":"list","block":{"attributes":{"guid":{"type":"string","description":"ID of the principal","description_kind":"plain","optional":true},"name":{"type":"string","description":"User or role name of the approver","description_kind":"plain","optional":true},"type":{"type":"string","description":"Type of principal","description_kind":"plain","optional":true}},"description_kind":"plain"},"max_items":1}},"description":"Workflow approvers","description_kind":"plain"}}},"description_kind":"plain","deprecated":true}},"centrifyvault_federatedgroup":{"version":0,"block":{"attributes":{"id":{"type":"string","description_kind":"plain","optional":true,"computed":true},"name":{"type":"string","description":"The name of the federated group","description_kind":"plain","required":true}},"description_kind":"plain","deprecated":true}},"centrifyvault_globalgroupmappings":{"version":0,"block":{"attributes":{"bulkupdate":{"type":"bool","description_kind":"plain","optional":true},"id":{"type":"string","description_kind":"plain","optional":true,"computed":true},"mapping":{"type":["map","string"],"description_kind":"plain","optional":true}},"description_kind":"plain","deprecated":true}},"centrifyvault_globalworkflow":{"version":0,"block":{"attributes":{"id":{"type":"string","description_kind":"plain","optional":true,"computed":true},"type":{"type":"string","description_kind":"plain","required":true}},"block_types":{"settings":{"nesting_mode":"list","block":{"attributes":{"default_options":{"type":"string","description_kind":"plain","optional":true},"enabled":{"type":"bool","description":"Enable workflow for all accounts/systems/secrets","description_kind":"plain","optional":true}},"block_types":{"approver":{"nesting_mode":"list","block":{"attributes":{"guid":{"type":"string","description":"ID of the principal","description_kind":"plain","optional":true},"name":{"type":"string","description":"User or role name of the approver","description_kind":"plain","optional":true},"no_manager_action":{"type":"string","description":"Type of principal","description_kind":"plain","optional":true},"options_selector":{"type":"bool","description_kind":"plain","optional":true},"type":{"type":"string","description":"Type of principal","description_kind":"plain","optional":true}},"block_types":{"backup_approver":{"nesting_mode":"list","block":{"attributes":{"guid":{"type":"string","description":"ID of the principal","description_kind":"plain","optional":true},"name":{"type":"string","description":"User or role name of the approver","description_kind":"plain","optional":true},"type":{"type":"string","description":"Type of principal","description_kind":"plain","optional":true}},"description_kind":"plain"},"max_items":1}},"description":"Workflow approvers","description_kind":"plain"}}},"description_kind":"plain"},"max_items":1}},"description_kind":"plain","deprecated":true}},"centrifyvault_manualset":{"version":0,"block":{"attributes":{"description":{"type":"string","description":"Description of an manual set","description_kind":"plain","optional":true},"id":{"type":"string","description_kind":"plain","optional":true,"computed":true},"name":{"type":"string","description":"The name of the manual set","description_kind":"plain","required":true},"subtype":{"type":"string","description":"SubObjectType for application. Valid values are: Web and Desktop","description_kind":"plain","optional":true},"type":{"type":"string","description":"Type of set. Valid values are: Server, VaultAccount, VaultDatabase, VaultDomain, DataVault, SshKeys, Subscriptions, Application, ResourceProfiles","description_kind":"plain","required":true}},"block_types":{"member_permission":{"nesting_mode":"set","block":{"attributes":{"principal_id":{"type":"string","description":"Uuid of the principal","description_kind":"plain","required":true},"principal_name":{"type":"string","description":"User name or role name","description_kind":"plain","required":true},"principal_type":{"type":"string","description":"Principal type: User, Role or Group","description_kind":"plain","required":true},"rights":{"type":["set","string"],"description":"Permissions: Grant,View,Edit,Delete","description_kind":"plain","required":true}},"description":"Object permissions","description_kind":"plain"}},"permission":{"nesting_mode":"set","block":{"attributes":{"principal_id":{"type":"string","description":"Uuid of the principal","description_kind":"plain","required":true},"principal_name":{"type":"string","description":"User name or role name","description_kind":"plain","required":true},"principal_type":{"type":"string","description":"Principal type: User, Role or Group","description_kind":"plain","required":true},"rights":{"type":["set","string"],"description":"Permissions: Grant,View,Edit,Delete","description_kind":"plain","required":true}},"description":"Object permissions","description_kind":"plain"}}},"description_kind":"plain","deprecated":true}},"centrifyvault_multiplexedaccount":{"version":0,"block":{"attributes":{"account1":{"type":"string","description_kind":"plain","optional":true,"computed":true},"account1_id":{"type":"string","description_kind":"plain","optional":true,"computed":true},"account2":{"type":"string","description_kind":"plain","optional":true,"computed":true},"account2_id":{"type":"string","description_kind":"plain","optional":true,"computed":true},"accounts":{"type":["set","string"],"description_kind":"plain","required":true},"active_account":{"type":"string","description_kind":"plain","optional":true,"computed":true},"description":{"type":"string","description":"Description of the multiplexed account","description_kind":"plain","optional":true},"id":{"type":"string","description_kind":"plain","optional":true,"computed":true},"name":{"type":"string","description":"The name of the multiplexed account","description_kind":"plain","required":true}},"block_types":{"permission":{"nesting_mode":"set","block":{"attributes":{"principal_id":{"type":"string","description":"Uuid of the principal","description_kind":"plain","required":true},"principal_name":{"type":"string","description":"User name or role name","description_kind":"plain","required":true},"principal_type":{"type":"string","description":"Principal type: User, Role or Group","description_kind":"plain","required":true},"rights":{"type":["set","string"],"description":"Permissions: Grant,View,Edit,Delete","description_kind":"plain","required":true}},"description":"Object permissions","description_kind":"plain"}}},"description_kind":"plain","deprecated":true}},"centrifyvault_passwordprofile":{"version":0,"block":{"attributes":{"at_least_one_digit":{"type":"bool","description":"At least one digit","description_kind":"plain","optional":true},"at_least_one_lowercase":{"type":"bool","description":"At least one lower-case alpha character","description_kind":"plain","optional":true},"at_least_one_special_char":{"type":"bool","description":"At least one special character","description_kind":"plain","optional":true},"at_least_one_uppercase":{"type":"bool","description":"At least one upper-case alpha character","description_kind":"plain","optional":true},"description":{"type":"string","description":"Description of password profile","description_kind":"plain","optional":true},"first_character_type":{"type":"string","description":"A leading alpha or alphanumeric character","description_kind":"plain","optional":true},"id":{"type":"string","description_kind":"plain","optional":true,"computed":true},"last_character_type":{"type":"string","description":"A trailing alpha or alphanumeric character","description_kind":"plain","optional":true},"maximum_char_occurrence_count":{"type":"number","description":"Maximum character occurrence count","description_kind":"plain","optional":true},"maximum_password_length":{"type":"number","description":"Maximum password length","description_kind":"plain","required":true},"minimum_alphabetic_character_count":{"type":"number","description":"Min number of alpha characters","description_kind":"plain","optional":true},"minimum_non_alphabetic_character_count":{"type":"number","description":"Min number of non-alpha characters","description_kind":"plain","optional":true},"minimum_password_length":{"type":"number","description":"Minimum password length","description_kind":"plain","required":true},"name":{"type":"string","description":"The name of the password profile","description_kind":"plain","required":true},"no_consecutive_repeated_char":{"type":"bool","description":"No consecutive repeated characters","description_kind":"plain","optional":true},"special_charset":{"type":"string","description":"Special Characters","description_kind":"plain","required":true}},"description_kind":"plain","deprecated":true}},"centrifyvault_policy":{"version":0,"block":{"attributes":{"description":{"type":"string","description":"Description of the policy","description_kind":"plain","optional":true},"id":{"type":"string","description_kind":"plain","optional":true,"computed":true},"link_type":{"type":"string","description":"Link type of the policy","description_kind":"plain","required":true},"name":{"type":"string","description":"The name of the policy","description_kind":"plain","required":true},"path":{"type":"string","description":"Path of the policy","description_kind":"plain","computed":true},"policy_assignment":{"type":["set","string"],"description":"List of roles or sets assigned to the policy","description_kind":"plain","optional":true}},"block_types":{"settings":{"nesting_mode":"list","block":{"block_types":{"account_set":{"nesting_mode":"list","block":{"attributes":{"access_secret_checkout_dfault_profile_id":{"type":"string","description":"Default Password Checkout Profile (used if no conditions matched)","description_kind":"plain","optional":true},"checkout_lifetime":{"type":"number","description":"Checkout lifetime (minutes)","description_kind":"plain","optional":true},"default_profile_id":{"type":"string","description":"Default Password Checkout Profile (used if no conditions matched)","description_kind":"plain","optional":true}},"block_types":{"access_secret_checkout_rule":{"nesting_mode":"list","block":{"attributes":{"authentication_profile_id":{"type":"string","description":"Authentication Profile (if all conditions met)","description_kind":"plain","optional":true}},"block_types":{"rule":{"nesting_mode":"set","block":{"attributes":{"condition":{"type":"string","description_kind":"plain","required":true},"filter":{"type":"string","description_kind":"plain","required":true},"value":{"type":"string","description_kind":"plain","optional":true}},"description_kind":"plain"}}},"description":"Authentication rules","description_kind":"plain"}},"challenge_rule":{"nesting_mode":"list","block":{"attributes":{"authentication_profile_id":{"type":"string","description":"Authentication Profile (if all conditions met)","description_kind":"plain","optional":true}},"block_types":{"rule":{"nesting_mode":"set","block":{"attributes":{"condition":{"type":"string","description_kind":"plain","required":true},"filter":{"type":"string","description_kind":"plain","required":true},"value":{"type":"string","description_kind":"plain","optional":true}},"description_kind":"plain"}}},"description":"Authentication rules","description_kind":"plain"}}},"description":"Resouces -\u003e Accounts","description_kind":"plain"},"max_items":1},"centrify_client":{"nesting_mode":"list","block":{"attributes":{"allow_no_mfa_mech":{"type":"bool","description":"Allow users without a valid authentication factor to log in","description_kind":"plain","optional":true},"authentication_enabled":{"type":"bool","description":"Enable authentication policy controls","description_kind":"plain","optional":true},"default_profile_id":{"type":"string","description":"Default Profile (used if no conditions matched)","description_kind":"plain","optional":true}},"block_types":{"challenge_rule":{"nesting_mode":"list","block":{"attributes":{"authentication_profile_id":{"type":"string","description":"Authentication Profile (if all conditions met)","description_kind":"plain","optional":true}},"block_types":{"rule":{"nesting_mode":"set","block":{"attributes":{"condition":{"type":"string","description_kind":"plain","required":true},"filter":{"type":"string","description_kind":"plain","required":true},"value":{"type":"string","description_kind":"plain","optional":true}},"description_kind":"plain"}}},"description":"Authentication rules","description_kind":"plain"}}},"description":"Authentication -\u003e Centrify Clients -\u003e Login","description_kind":"plain"},"max_items":1},"centrify_css_elevation":{"nesting_mode":"list","block":{"attributes":{"authentication_enabled":{"type":"bool","description":"Enable authentication policy controls","description_kind":"plain","optional":true},"default_profile_id":{"type":"string","description":"Default Profile (used if no conditions matched)","description_kind":"plain","optional":true}},"block_types":{"challenge_rule":{"nesting_mode":"list","block":{"attributes":{"authentication_profile_id":{"type":"string","description":"Authentication Profile (if all conditions met)","description_kind":"plain","optional":true}},"block_types":{"rule":{"nesting_mode":"set","block":{"attributes":{"condition":{"type":"string","description_kind":"plain","required":true},"filter":{"type":"string","description_kind":"plain","required":true},"value":{"type":"string","description_kind":"plain","optional":true}},"description_kind":"plain"}}},"description":"Authentication rules","description_kind":"plain"}}},"description":"Authentication -\u003e Centrify Server Suite Agents -\u003e Privilege Elevation","description_kind":"plain"},"max_items":1},"centrify_css_server":{"nesting_mode":"list","block":{"attributes":{"authentication_enabled":{"type":"bool","description":"Enable authentication policy controls","description_kind":"plain","optional":true},"default_profile_id":{"type":"string","description":"Default Profile (used if no conditions matched)","description_kind":"plain","optional":true},"pass_through_mode":{"type":"number","description":"Apply pass-through duration: Never (Default), If Same Source and Target, If Same Source, If Same Target","description_kind":"plain","optional":true}},"block_types":{"challenge_rule":{"nesting_mode":"list","block":{"attributes":{"authentication_profile_id":{"type":"string","description":"Authentication Profile (if all conditions met)","description_kind":"plain","optional":true}},"block_types":{"rule":{"nesting_mode":"set","block":{"attributes":{"condition":{"type":"string","description_kind":"plain","required":true},"filter":{"type":"string","description_kind":"plain","required":true},"value":{"type":"string","description_kind":"plain","optional":true}},"description_kind":"plain"}}},"description":"Authentication rules","description_kind":"plain"}}},"description":"Authentication -\u003e Centrify Server Suite Agents -\u003e Linux, UNIX and Windows Servers","description_kind":"plain"},"max_items":1},"centrify_css_workstation":{"nesting_mode":"list","block":{"attributes":{"authentication_enabled":{"type":"bool","description":"Enable authentication policy controls","description_kind":"plain","optional":true},"default_profile_id":{"type":"string","description":"Default Profile (used if no conditions matched)","description_kind":"plain","optional":true}},"block_types":{"challenge_rule":{"nesting_mode":"list","block":{"attributes":{"authentication_profile_id":{"type":"string","description":"Authentication Profile (if all conditions met)","description_kind":"plain","optional":true}},"block_types":{"rule":{"nesting_mode":"set","block":{"attributes":{"condition":{"type":"string","description_kind":"plain","required":true},"filter":{"type":"string","description_kind":"plain","required":true},"value":{"type":"string","description_kind":"plain","optional":true}},"description_kind":"plain"}}},"description":"Authentication rules","description_kind":"plain"}}},"description":"Authentication -\u003e Centrify Server Suite Agents -\u003e Windows Workstations","description_kind":"plain"},"max_items":1},"centrify_services":{"nesting_mode":"list","block":{"attributes":{"allow_iwa":{"type":"bool","description":"Allow IWA connections (bypasses authentication rules and default profile)","description_kind":"plain","optional":true},"allow_no_mfa_mech":{"type":"bool","description":"Allow users without a valid authentication factor to log in","description_kind":"plain","optional":true},"allow_session_persist":{"type":"bool","description":"Allow 'Keep me signed in' checkbox option at login (session spans browser sessions)","description_kind":"plain","optional":true},"auth_rule_federated":{"type":"bool","description":"Apply additional authentication rules to federated users","description_kind":"plain","optional":true},"authentication_enabled":{"type":"bool","description":"Enable authentication policy controls","description_kind":"plain","optional":true},"block_auth_from_same_device":{"type":"bool","description":"Allow additional authentication from same device","description_kind":"plain","optional":true},"certauth_satisfies_all":{"type":"bool","description":"Connections using certificate authentication satisfy all MFA mechanisms","description_kind":"plain","optional":true},"certauth_set_cookie":{"type":"bool","description":"Set identity cookie for connections using certificate authentication","description_kind":"plain","optional":true},"certauth_skip_challenge":{"type":"bool","description":"Certificate authentication bypasses authentication rules and default profile","description_kind":"plain","optional":true},"continue_failed_sessions":{"type":"bool","description":"Continue with additional challenges after failed challenge","description_kind":"plain","optional":true},"default_profile_id":{"type":"string","description":"Default Profile (used if no conditions matched)","description_kind":"plain","optional":true},"default_session_persist":{"type":"bool","description":"Default 'Keep me signed in' checkbox option to enabled","description_kind":"plain","optional":true},"federated_satisfies_all":{"type":"bool","description":"Connections via Federation satisfy all MFA mechanisms","description_kind":"plain","optional":true},"iwa_satisfies_all":{"type":"bool","description":"IWA connections satisfy all MFA mechanisms","description_kind":"plain","optional":true},"iwa_set_cookie":{"type":"bool","description":"Set identity cookie for IWA connections","description_kind":"plain","optional":true},"persist_session_lifespan":{"type":"number","description":"Hours until session expires when 'Keep me signed in' option enabled (default 2 weeks)","description_kind":"plain","optional":true},"remember_last_factor":{"type":"bool","description":"Remember and suggest last used authentication factor","description_kind":"plain","optional":true},"session_lifespan":{"type":"number","description":"Hours until session expires (default 12)","description_kind":"plain","optional":true},"stop_auth_on_prev_failed":{"type":"bool","description":"Do not send challenge request when previous challenge response failed","description_kind":"plain","optional":true},"use_certauth":{"type":"bool","description":"Use certificates for authentication","description_kind":"plain","optional":true}},"block_types":{"challenge_rule":{"nesting_mode":"list","block":{"attributes":{"authentication_profile_id":{"type":"string","description":"Authentication Profile (if all conditions met)","description_kind":"plain","optional":true}},"block_types":{"rule":{"nesting_mode":"set","block":{"attributes":{"condition":{"type":"string","description_kind":"plain","required":true},"filter":{"type":"string","description_kind":"plain","required":true},"value":{"type":"string","description_kind":"plain","optional":true}},"description_kind":"plain"}}},"description":"Authentication rules","description_kind":"plain"}}},"description":"Authentication -\u003e Centrify Services","description_kind":"plain"},"max_items":1},"cloudproviders_set":{"nesting_mode":"list","block":{"attributes":{"default_profile_id":{"type":"string","description":"Default Root Account Login Profile (used if no conditions matched)","description_kind":"plain","optional":true},"enable_interactive_password_rotation":{"type":"bool","description":"Enable interactive password rotation","description_kind":"plain","optional":true},"enable_password_rotation_reminders":{"type":"bool","description":"Enable password rotation reminders","description_kind":"plain","optional":true},"password_rotation_reminder_duration":{"type":"number","description":"Minimum number of days since last rotation to trigger a reminder","description_kind":"plain","optional":true},"prompt_change_root_password":{"type":"bool","description":"Prompt to change root password every login and password checkin","description_kind":"plain","optional":true}},"block_types":{"challenge_rule":{"nesting_mode":"list","block":{"attributes":{"authentication_profile_id":{"type":"string","description":"Authentication Profile (if all conditions met)","description_kind":"plain","optional":true}},"block_types":{"rule":{"nesting_mode":"set","block":{"attributes":{"condition":{"type":"string","description_kind":"plain","required":true},"filter":{"type":"string","description_kind":"plain","required":true},"value":{"type":"string","description_kind":"plain","optional":true}},"description_kind":"plain"}}},"description":"Authentication rules","description_kind":"plain"}}},"description":"Resouces -\u003e Cloud Providers","description_kind":"plain"},"max_items":1},"database_set":{"nesting_mode":"list","block":{"attributes":{"allow_multiple_checkouts":{"type":"bool","description":"Allow multiple password checkouts for related accounts","description_kind":"plain","optional":true},"checkout_lifetime":{"type":"number","description":"Checkout lifetime (minutes)","description_kind":"plain","optional":true},"enable_password_history_cleanup":{"type":"bool","description":"Enable periodic password history cleanup","description_kind":"plain","optional":true},"enable_password_rotation":{"type":"bool","description":"Enable periodic password rotation","description_kind":"plain","optional":true},"enable_password_rotation_after_checkin":{"type":"bool","description":"Enable password rotation after checkin","description_kind":"plain","optional":true},"minimum_password_age":{"type":"number","description":"Minimum Password Age (days)","description_kind":"plain","optional":true},"password_historycleanup_duration":{"type":"number","description":"Password history cleanup (days)","description_kind":"plain","optional":true},"password_rotate_interval":{"type":"number","description":"Password rotation interval (days)","description_kind":"plain","optional":true}},"description":"Resouces -\u003e Databases","description_kind":"plain"},"max_items":1},"domain_set":{"nesting_mode":"list","block":{"attributes":{"allow_multiple_checkouts":{"type":"bool","description":"Allow multiple password checkouts for related accounts","description_kind":"plain","optional":true},"checkout_lifetime":{"type":"number","description":"Checkout lifetime (minutes)","description_kind":"plain","optional":true},"enable_password_history_cleanup":{"type":"bool","description":"Enable periodic password history cleanup","description_kind":"plain","optional":true},"enable_password_rotation":{"type":"bool","description":"Enable periodic password rotation","description_kind":"plain","optional":true},"enable_password_rotation_after_checkin":{"type":"bool","description":"Enable password rotation after checkin","description_kind":"plain","optional":true},"minimum_password_age":{"type":"number","description":"Minimum Password Age (days)","description_kind":"plain","optional":true},"password_historycleanup_duration":{"type":"number","description":"Password history cleanup (days)","description_kind":"plain","optional":true},"password_rotate_interval":{"type":"number","description":"Password rotation interval (days)","description_kind":"plain","optional":true}},"description":"Resouces -\u003e Databases","description_kind":"plain"},"max_items":1},"mobile_device":{"nesting_mode":"list","block":{"attributes":{"allow_enrollment":{"type":"bool","description":"Permit device registration","description_kind":"plain","optional":true},"allow_fallback_pin":{"type":"bool","description":"Allow App PIN","description_kind":"plain","optional":true},"allow_notify_multi_devices":{"type":"bool","description":"Allow user notifications on multiple devices","description_kind":"plain","optional":true},"auto_lock_timeout":{"type":"number","description":"Auto-Lock (minutes)","description_kind":"plain","optional":true},"enable_debug":{"type":"bool","description":"Enable debug logging","description_kind":"plain","optional":true},"enable_invite_enrollment":{"type":"bool","description":"Enable invite based registration","description_kind":"plain","optional":true},"force_fingerprint":{"type":"bool","description":"Enforce fingerprint scan for Mobile Authenticator","description_kind":"plain","optional":true},"location_tracking":{"type":"bool","description":"Report mobile device location","description_kind":"plain","optional":true},"lock_app_on_exit":{"type":"bool","description":"Lock on exit","description_kind":"plain","optional":true},"permit_non_compliant_device":{"type":"bool","description":"Permit non-compliant devices to register","description_kind":"plain","optional":true},"require_passcode":{"type":"bool","description":"Require client application passcode on device","description_kind":"plain","optional":true}},"description":"Devices","description_kind":"plain"},"max_items":1},"oath_otp":{"nesting_mode":"list","block":{"attributes":{"allow_otp":{"type":"bool","description":"Allow OATH OTP integration","description_kind":"plain","optional":true}},"description":"User Security -\u003e OATH OTP","description_kind":"plain"},"max_items":1},"password_settings":{"nesting_mode":"list","block":{"attributes":{"allow_include_displayname":{"type":"bool","description":"Allow display name as part of password","description_kind":"plain","optional":true},"allow_include_username":{"type":"bool","description":"Allow username as part of password","description_kind":"plain","optional":true},"bad_attempt_threshold":{"type":"number","description":"Maximum consecutive bad password attempts allowed within window (default Off)","description_kind":"plain","optional":true},"capture_window":{"type":"number","description":"Capture window for consecutive bad password attempts (default 30 minutes)","description_kind":"plain","optional":true},"check_weak_password":{"type":"bool","description":"Check against weak password","description_kind":"plain","optional":true},"complexity_hint":{"type":"string","description":"Password complexity requirements for directory services other than Centrify Directory","description_kind":"plain","optional":true},"expire_hard_notification":{"type":"number","description":"Escalated Password Expiration Notification (default 48 hours)","description_kind":"plain","optional":true},"expire_notification_mobile":{"type":"bool","description":"Enable password expiration notifications on enrolled mobile devices","description_kind":"plain","optional":true},"expire_soft_notification":{"type":"number","description":"Password Expiration Notification (default 14 days)","description_kind":"plain","optional":true},"lockout_duration":{"type":"number","description":"Lockout duration before password re-attempt allowed (default 30 minutes)","description_kind":"plain","optional":true},"max_age_in_days":{"type":"number","description":"Maximum password age (default 365 days)","description_kind":"plain","optional":true},"max_length":{"type":"number","description":"Maximum password length (default 64)","description_kind":"plain","optional":true},"min_age_in_days":{"type":"number","description":"Minimum password age before change is allowed (default 0 days)","description_kind":"plain","optional":true},"min_length":{"type":"number","description":"Minimum password length (default 8)","description_kind":"plain","optional":true},"no_of_repeated_char_allowed":{"type":"number","description":"Limit the number of consecutive repeated characters","description_kind":"plain","optional":true},"password_history":{"type":"number","description":"Password history (default 3)","description_kind":"plain","optional":true},"require_digit":{"type":"bool","description":"Require at least one digit (default yes)","description_kind":"plain","optional":true},"require_mix_case":{"type":"bool","description":"Require at least one upper case and one lower case letter (default yes)","description_kind":"plain","optional":true},"require_symbol":{"type":"bool","description":"Require at least one symbol (default no)","description_kind":"plain","optional":true},"require_unicode":{"type":"bool","description":"Require at least one Unicode characters","description_kind":"plain","optional":true},"show_password_complexity":{"type":"bool","description":"Show password complexity requirements when entering a new password (default no)","description_kind":"plain","optional":true}},"description":"User Security -\u003e Password Settings","description_kind":"plain"},"max_items":1},"radius":{"nesting_mode":"list","block":{"attributes":{"allow_external_radius":{"type":"bool","description":"Allow 3rd Party RADIUS Authentication","description_kind":"plain","optional":true},"allow_radius":{"type":"bool","description":"Allow RADIUS client connections","description_kind":"plain","optional":true},"default_profile_id":{"type":"string","description":"Default authentication profile","description_kind":"plain","optional":true},"require_challenges":{"type":"bool","description":"Require authentication challenge","description_kind":"plain","optional":true},"send_vendor_attributes":{"type":"bool","description":"Send vendor specific attributes","description_kind":"plain","optional":true}},"description":"User Security -\u003e RADIUS","description_kind":"plain"},"max_items":1},"secret_set":{"nesting_mode":"list","block":{"attributes":{"default_profile_id":{"type":"string","description":"Default Secret Challenge Profile (used if no conditions matched)","description_kind":"plain","optional":true}},"block_types":{"challenge_rule":{"nesting_mode":"list","block":{"attributes":{"authentication_profile_id":{"type":"string","description":"Authentication Profile (if all conditions met)","description_kind":"plain","optional":true}},"block_types":{"rule":{"nesting_mode":"set","block":{"attributes":{"condition":{"type":"string","description_kind":"plain","required":true},"filter":{"type":"string","description_kind":"plain","required":true},"value":{"type":"string","description_kind":"plain","optional":true}},"description_kind":"plain"}}},"description":"Authentication rules","description_kind":"plain"}}},"description":"Resouces -\u003e Secrets","description_kind":"plain"},"max_items":1},"self_service":{"nesting_mode":"list","block":{"attributes":{"account_selfservice_enabled":{"type":"bool","description":"Enable account self service controls","description_kind":"plain","optional":true},"account_unlock_enabled":{"type":"bool","description":"Enable account unlock","description_kind":"plain","optional":true},"ad_admin_user":{"type":"string","description":"Admin user name","description_kind":"plain","optional":true},"login_after_reset":{"type":"bool","description":"User must log in after successful password reset","description_kind":"plain","optional":true},"max_reset_allowed":{"type":"number","description":"Maximum forgotten password resets allowed within window (default 10)","description_kind":"plain","optional":true},"max_reset_attempts":{"type":"number","description":"Maximum consecutive password reset attempts per session","description_kind":"plain","optional":true},"max_time_allowed":{"type":"number","description":"Capture window for forgotten password resets (default 60 minutes)","description_kind":"plain","optional":true},"password_reset_enabled":{"type":"bool","description":"Enable password reset","description_kind":"plain","optional":true},"pwreset_allow_for_aduser":{"type":"bool","description":"Allow for Active Directory users","description_kind":"plain","optional":true},"pwreset_auth_profile_id":{"type":"string","description":"Password reset authentication profile","description_kind":"plain","optional":true},"pwreset_with_cookie_only":{"type":"bool","description":"Only allow from browsers with identity cookie","description_kind":"plain","optional":true},"show_locked_message":{"type":"bool","description":"Show a message to end users in desktop login that account is locked (default no)","description_kind":"plain","optional":true},"unlock_allow_for_aduser":{"type":"bool","description":"Allow for Active Directory users","description_kind":"plain","optional":true},"unlock_auth_profile_id":{"type":"string","description":"Account unlock authentication profile","description_kind":"plain","optional":true},"unlock_with_cookie_only":{"type":"bool","description":"Only allow from browsers with identity cookie","description_kind":"plain","optional":true},"use_ad_admin":{"type":"bool","description":"Use AD admin for AD self-service","description_kind":"plain","optional":true}},"block_types":{"admin_user_password":{"nesting_mode":"list","block":{"attributes":{"type":{"type":"string","description":"Password type","description_kind":"plain","optional":true},"value":{"type":"string","description":"Actual password","description_kind":"plain","optional":true,"sensitive":true}},"description_kind":"plain"},"max_items":1}},"description":"User Security -\u003e Self Service","description_kind":"plain"},"max_items":1},"sshkey_set":{"nesting_mode":"list","block":{"attributes":{"default_profile_id":{"type":"string","description":"Default SSH Key Challenge Profile","description_kind":"plain","optional":true}},"block_types":{"challenge_rule":{"nesting_mode":"list","block":{"attributes":{"authentication_profile_id":{"type":"string","description":"Authentication Profile (if all conditions met)","description_kind":"plain","optional":true}},"block_types":{"rule":{"nesting_mode":"set","block":{"attributes":{"condition":{"type":"string","description_kind":"plain","required":true},"filter":{"type":"string","description_kind":"plain","required":true},"value":{"type":"string","description_kind":"plain","optional":true}},"description_kind":"plain"}}},"description":"Authentication rules","description_kind":"plain"}}},"description":"Resouces -\u003e SSH Keys","description_kind":"plain"},"max_items":1},"system_set":{"nesting_mode":"list","block":{"attributes":{"allow_multiple_checkouts":{"type":"bool","description":"Allow multiple password checkouts for this system","description_kind":"plain","optional":true},"allow_rdp_clipboard":{"type":"bool","description":"Allow RDP client to sync local clipboard with remote session","description_kind":"plain","optional":true},"allow_remote_access":{"type":"bool","description":"Allow access from a public network (web client only)","description_kind":"plain","optional":true},"checkout_lifetime":{"type":"number","description":"Checkout lifetime (minutes)","description_kind":"plain","optional":true},"default_profile_id":{"type":"string","description":"Default System Login Profile (used if no conditions matched)","description_kind":"plain","optional":true},"enable_password_history_cleanup":{"type":"bool","description":"Enable periodic password history cleanup","description_kind":"plain","optional":true},"enable_password_rotation":{"type":"bool","description":"Enable periodic password rotation","description_kind":"plain","optional":true},"enable_password_rotation_after_checkin":{"type":"bool","description":"Enable password rotation after checkin","description_kind":"plain","optional":true},"enable_sshkey_history_cleanup":{"type":"bool","description":"Enable periodic SSH key history cleanup","description_kind":"plain","optional":true},"enable_sshkey_rotation":{"type":"bool","description":"Enable periodic SSH key rotation","description_kind":"plain","optional":true},"local_account_automatic_maintenance":{"type":"bool","description":"Enable local account automatic maintenance","description_kind":"plain","optional":true},"local_account_manual_unlock":{"type":"bool","description":"Enable local account manual unlock","description_kind":"plain","optional":true},"minimum_password_age":{"type":"number","description":"Minimum Password Age (days)","description_kind":"plain","optional":true},"minimum_sshkey_age":{"type":"number","description":"Minimum SSH Key Age (days)","description_kind":"plain","optional":true},"password_historycleanup_duration":{"type":"number","description":"Password history cleanup (days)","description_kind":"plain","optional":true},"password_rotate_interval":{"type":"number","description":"Password rotation interval (days)","description_kind":"plain","optional":true},"privilege_elevation_default_profile_id":{"type":"string","description":"Default Privilege Elevation Profile (used if no conditions matched)","description_kind":"plain","optional":true},"remove_user_on_session_end":{"type":"bool","description":"Remove local accounts upon session termination - Windows only ","description_kind":"plain","optional":true},"sshkey_algorithm":{"type":"string","description":"SSH Key Generation Algorithm","description_kind":"plain","optional":true},"sshkey_historycleanup_duration":{"type":"number","description":"SSH key history cleanup (days)","description_kind":"plain","optional":true},"sshkey_rotate_interval":{"type":"number","description":"SSH key rotation interval (days)","description_kind":"plain","optional":true}},"block_types":{"challenge_rule":{"nesting_mode":"list","block":{"attributes":{"authentication_profile_id":{"type":"string","description":"Authentication Profile (if all conditions met)","description_kind":"plain","optional":true}},"block_types":{"rule":{"nesting_mode":"set","block":{"attributes":{"condition":{"type":"string","description_kind":"plain","required":true},"filter":{"type":"string","description_kind":"plain","required":true},"value":{"type":"string","description_kind":"plain","optional":true}},"description_kind":"plain"}}},"description":"Authentication rules","description_kind":"plain"}},"privilege_elevation_rule":{"nesting_mode":"list","block":{"attributes":{"authentication_profile_id":{"type":"string","description":"Authentication Profile (if all conditions met)","description_kind":"plain","optional":true}},"block_types":{"rule":{"nesting_mode":"set","block":{"attributes":{"condition":{"type":"string","description_kind":"plain","required":true},"filter":{"type":"string","description_kind":"plain","required":true},"value":{"type":"string","description_kind":"plain","optional":true}},"description_kind":"plain"}}},"description":"Authentication rules","description_kind":"plain"}}},"description":"Resouces -\u003e Systems","description_kind":"plain"},"max_items":1},"user_account":{"nesting_mode":"list","block":{"attributes":{"admin_defined_questions":{"type":"number","description":"Required number of admin-defined questions","description_kind":"plain","optional":true},"allow_mfa_redirect_change":{"type":"bool","description":"Enable users to redirect multi factor authentication to a different user account","description_kind":"plain","optional":true},"allow_phone_pin_change":{"type":"bool","description":"Enable users to configure a Phone PIN for MFA","description_kind":"plain","optional":true},"allow_user_change_password":{"type":"bool","description":"Enable users to change their passwords","description_kind":"plain","optional":true},"configure_security_questions":{"type":"bool","description":"Enable users to configure Security Questions","description_kind":"plain","optional":true},"default_language":{"type":"string","description":"Default Language","description_kind":"plain","optional":true},"fido2_auth_profile_id":{"type":"string","description":"Authentication Profile required to configure FIDO2 Authenticators","description_kind":"plain","optional":true},"fido2_prompt":{"type":"string","description":"FIDO2 Security Key Display Name","description_kind":"plain","optional":true},"min_char_in_answer":{"type":"number","description":"Minimum number of characters required in answers","description_kind":"plain","optional":true},"min_phone_pin_length":{"type":"number","description":"Minimum Phone PIN length","description_kind":"plain","optional":true},"otp_auth_profile_id":{"type":"string","description":"Authentication Profile required to configure OATH OTP client","description_kind":"plain","optional":true},"otp_prompt":{"type":"string","description":"OATH OTP Display Name","description_kind":"plain","optional":true},"password_change_auth_profile_id":{"type":"string","description":"Authentication Profile required to change password","description_kind":"plain","optional":true},"phone_pin_auth_profile_id":{"type":"string","description":"Authentication Profile required to configure a Phone PIN","description_kind":"plain","optional":true},"prevent_dup_answers":{"type":"bool","description":"Allow duplicate security question answers","description_kind":"plain","optional":true},"question_auth_profile_id":{"type":"string","description":"Authentication Profile required to set Security Questions","description_kind":"plain","optional":true},"show_fido2":{"type":"bool","description":"Enable users to enroll FIDO2 Authenticators","description_kind":"plain","optional":true},"show_otp":{"type":"bool","description":"Enable users to configure an OATH OTP client (requires enabling OATH OTP policy)","description_kind":"plain","optional":true},"user_defined_questions":{"type":"number","description":"Required number of user-defined questions","description_kind":"plain","optional":true},"user_profile_auth_profile_id":{"type":"string","description":"Authentication Profile required to modify Personal Profile","description_kind":"plain","optional":true}},"description":"User Security -\u003e User Account","description_kind":"plain"},"max_items":1}},"description_kind":"plain"},"max_items":1}},"description_kind":"plain","deprecated":true}},"centrifyvault_policyorder":{"version":0,"block":{"attributes":{"id":{"type":"string","description_kind":"plain","optional":true,"computed":true},"policy_order":{"type":["list","string"],"description_kind":"plain","required":true}},"description_kind":"plain","deprecated":true}},"centrifyvault_role":{"version":0,"block":{"attributes":{"adminrights":{"type":["set","string"],"description_kind":"plain","optional":true},"description":{"type":"string","description":"Description of an role","description_kind":"plain","optional":true},"id":{"type":"string","description_kind":"plain","optional":true,"computed":true},"name":{"type":"string","description":"The name of the role","description_kind":"plain","required":true}},"block_types":{"member":{"nesting_mode":"set","block":{"attributes":{"id":{"type":"string","description":"ID of the member","description_kind":"plain","required":true},"name":{"type":"string","description":"Name of the member","description_kind":"plain","optional":true,"computed":true},"type":{"type":"string","description":"Type of the member","description_kind":"plain","required":true}},"description_kind":"plain"}}},"description_kind":"plain","deprecated":true}},"centrifyvault_role_membership":{"version":0,"block":{"attributes":{"id":{"type":"string","description_kind":"plain","optional":true,"computed":true},"role_id":{"type":"string","description":"ID of the role","description_kind":"plain","required":true}},"block_types":{"member":{"nesting_mode":"set","block":{"attributes":{"id":{"type":"string","description":"ID of the member","description_kind":"plain","required":true},"name":{"type":"string","description":"Name of the member","description_kind":"plain","optional":true,"computed":true},"type":{"type":"string","description":"Type of the member","description_kind":"plain","required":true}},"description_kind":"plain"}}},"description_kind":"plain","deprecated":true}},"centrifyvault_service":{"version":0,"block":{"attributes":{"admin_account_id":{"type":"string","description":"Administrative account id that used to manage the password for the service","description_kind":"plain","optional":true},"days_of_week":{"type":["set","string"],"description":"Day of the week restart allowed","description_kind":"plain","optional":true},"description":{"type":"string","description":"Description of the service","description_kind":"plain","optional":true},"enable_management":{"type":"bool","description":"Enable management of this service password","description_kind":"plain","optional":true},"id":{"type":"string","description_kind":"plain","optional":true,"computed":true},"multiplexed_account_id":{"type":"string","description":"The multiplexed account id to run the service","description_kind":"plain","optional":true},"restart_end_time":{"type":"string","description":"End time of the time range restart is allowed","description_kind":"plain","optional":true},"restart_service":{"type":"bool","description":"Restart Service when password is rotated","description_kind":"plain","optional":true},"restart_start_time":{"type":"string","description":"Start time of the time range restart is allowed","description_kind":"plain","optional":true},"restart_time_restriction":{"type":"bool","description":"Enforce restart time restrictions","description_kind":"plain","optional":true},"service_name":{"type":"string","description":"The name of the service to be managed.","description_kind":"plain","required":true},"service_type":{"type":"string","description_kind":"plain","required":true},"sets":{"type":["set","string"],"description":"Add to list of Sets","description_kind":"plain","optional":true},"system_id":{"type":"string","description":"The target system id where the service runs","description_kind":"plain","required":true},"use_utc_time":{"type":"bool","description":"Whether to use UTC time","description_kind":"plain","optional":true}},"block_types":{"permission":{"nesting_mode":"set","block":{"attributes":{"principal_id":{"type":"string","description":"Uuid of the principal","description_kind":"plain","required":true},"principal_name":{"type":"string","description":"User name or role name","description_kind":"plain","required":true},"principal_type":{"type":"string","description":"Principal type: User, Role or Group","description_kind":"plain","required":true},"rights":{"type":["set","string"],"description":"Permissions: Grant,View,Edit,Delete","description_kind":"plain","required":true}},"description":"Object permissions","description_kind":"plain"}}},"description_kind":"plain","deprecated":true}},"centrifyvault_sshkey":{"version":0,"block":{"attributes":{"default_profile_id":{"type":"string","description":"Default SSH Key Challenge Profile","description_kind":"plain","optional":true},"description":{"type":"string","description":"Description of the SSH Key","description_kind":"plain","optional":true},"id":{"type":"string","description_kind":"plain","optional":true,"computed":true},"key_type":{"type":"string","description_kind":"plain","optional":true,"computed":true},"name":{"type":"string","description":"Name of the SSH Key","description_kind":"plain","required":true},"passphrase":{"type":"string","description":"Passphrase to use for encrypting the PrivateKey","description_kind":"plain","optional":true,"sensitive":true},"private_key":{"type":"string","description":"SSH private key","description_kind":"plain","optional":true,"sensitive":true},"sets":{"type":["set","string"],"description":"Add to list of Sets","description_kind":"plain","optional":true}},"block_types":{"challenge_rule":{"nesting_mode":"list","block":{"attributes":{"authentication_profile_id":{"type":"string","description":"Authentication Profile (if all conditions met)","description_kind":"plain","optional":true}},"block_types":{"rule":{"nesting_mode":"set","block":{"attributes":{"condition":{"type":"string","description_kind":"plain","required":true},"filter":{"type":"string","description_kind":"plain","required":true},"value":{"type":"string","description_kind":"plain","optional":true}},"description_kind":"plain"}}},"description":"Authentication rules","description_kind":"plain"}},"permission":{"nesting_mode":"set","block":{"attributes":{"principal_id":{"type":"string","description":"Uuid of the principal","description_kind":"plain","required":true},"principal_name":{"type":"string","description":"User name or role name","description_kind":"plain","required":true},"principal_type":{"type":"string","description":"Principal type: User, Role or Group","description_kind":"plain","required":true},"rights":{"type":["set","string"],"description":"Permissions: Grant,View,Edit,Delete","description_kind":"plain","required":true}},"description":"Object permissions","description_kind":"plain"}}},"description_kind":"plain","deprecated":true}},"centrifyvault_user":{"version":0,"block":{"attributes":{"confirm_password":{"type":"string","description":"Password of the user","description_kind":"plain","optional":true,"sensitive":true},"description":{"type":"string","description":"Description of the user","description_kind":"plain","optional":true},"displayname":{"type":"string","description":"Display name","description_kind":"plain","optional":true},"email":{"type":"string","description":"Email address","description_kind":"plain","optional":true},"force_password_change_next":{"type":"bool","description":"Require password change at next login","description_kind":"plain","optional":true},"home_number":{"type":"string","description_kind":"plain","optional":true},"id":{"type":"string","description_kind":"plain","optional":true,"computed":true},"manager_username":{"type":"string","description":"Username of the manager","description_kind":"plain","optional":true},"mobile_number":{"type":"string","description_kind":"plain","optional":true},"oauth_client":{"type":"bool","description":"Is OAuth confidential client","description_kind":"plain","optional":true},"office_number":{"type":"string","description_kind":"plain","optional":true},"password":{"type":"string","description":"Password of the user","description_kind":"plain","optional":true,"sensitive":true},"password_never_expire":{"type":"bool","description":"Password never expires","description_kind":"plain","optional":true},"redirect_mfa_user_id":{"type":"string","description":"Redirect multi factor authentication to a different user account (UUID value)","description_kind":"plain","optional":true},"roles":{"type":["set","string"],"description":"Add to list of Roles","description_kind":"plain","optional":true},"send_email_invite":{"type":"bool","description":"Send email invite for user profile setup","description_kind":"plain","optional":true},"username":{"type":"string","description":"The username in loginid@suffix format","description_kind":"plain","required":true}},"description_kind":"plain","deprecated":true}},"centrifyvault_userpassword":{"version":0,"block":{"attributes":{"id":{"type":"string","description_kind":"plain","optional":true,"computed":true},"password":{"type":"string","description":"New password of the user","description_kind":"plain","optional":true,"sensitive":true},"user_uuid":{"type":"string","description":"The uuid of Centrify Directory User","description_kind":"plain","required":true}},"description_kind":"plain","deprecated":true}},"centrifyvault_vaultaccount":{"version":0,"block":{"attributes":{"access_secret_checkout_default_profile_id":{"type":"string","description":"Default secret access key checkout challenge rule id","description_kind":"plain","optional":true},"checkout_lifetime":{"type":"number","description":"Checkout lifetime (minutes)","description_kind":"plain","optional":true},"cloudprovider_id":{"type":"string","description":"ID of the cloud provider it belongs to","description_kind":"plain","optional":true},"credential_type":{"type":"string","description":"Either password or sshkey","description_kind":"plain","required":true},"database_id":{"type":"string","description":"ID of the database it belongs to","description_kind":"plain","optional":true},"default_profile_id":{"type":"string","description":"Default password checkout profile id","description_kind":"plain","optional":true},"description":{"type":"string","description":"Description of the account","description_kind":"plain","optional":true},"domain_id":{"type":"string","description":"ID of the domain it belongs to","description_kind":"plain","optional":true},"host_id":{"type":"string","description":"ID of the system it belongs to","description_kind":"plain","optional":true},"id":{"type":"string","description_kind":"plain","optional":true,"computed":true},"is_admin_account":{"type":"bool","description":"Whether this is an administrative account","description_kind":"plain","optional":true},"is_root_account":{"type":"bool","description":"Whether this is an root account for cloud provider","description_kind":"plain","optional":true},"managed":{"type":"bool","description":"If this account is managed","description_kind":"plain","optional":true},"name":{"type":"string","description":"Name of the account","description_kind":"plain","required":true},"password":{"type":"string","description":"Password of the account","description_kind":"plain","optional":true,"sensitive":true},"sets":{"type":["set","string"],"description":"Add to list of Sets","description_kind":"plain","optional":true},"sshkey_id":{"type":"string","description":"ID of SSH key","description_kind":"plain","optional":true},"status":{"type":"string","description_kind":"plain","computed":true},"use_proxy_account":{"type":"bool","description":"Use proxy account to manage this account","description_kind":"plain","optional":true},"workflow_enabled":{"type":"bool","description_kind":"plain","optional":true}},"block_types":{"access_key":{"nesting_mode":"set","block":{"attributes":{"access_key_id":{"type":"string","description":"AWS access key id","description_kind":"plain","required":true},"id":{"type":"string","description":"AWS access key id","description_kind":"plain","optional":true,"computed":true},"secret_access_key":{"type":"string","description":"AWS secret access key","description_kind":"plain","required":true,"sensitive":true}},"description":"AWS Access Key","description_kind":"plain"}},"access_secret_checkout_rule":{"nesting_mode":"list","block":{"attributes":{"authentication_profile_id":{"type":"string","description":"Authentication Profile (if all conditions met)","description_kind":"plain","optional":true}},"block_types":{"rule":{"nesting_mode":"set","block":{"attributes":{"condition":{"type":"string","description_kind":"plain","required":true},"filter":{"type":"string","description_kind":"plain","required":true},"value":{"type":"string","description_kind":"plain","optional":true}},"description_kind":"plain"}}},"description":"Authentication rules","description_kind":"plain"}},"challenge_rule":{"nesting_mode":"list","block":{"attributes":{"authentication_profile_id":{"type":"string","description":"Authentication Profile (if all conditions met)","description_kind":"plain","optional":true}},"block_types":{"rule":{"nesting_mode":"set","block":{"attributes":{"condition":{"type":"string","description_kind":"plain","required":true},"filter":{"type":"string","description_kind":"plain","required":true},"value":{"type":"string","description_kind":"plain","optional":true}},"description_kind":"plain"}}},"description":"Authentication rules","description_kind":"plain"}},"permission":{"nesting_mode":"set","block":{"attributes":{"principal_id":{"type":"string","description":"Uuid of the principal","description_kind":"plain","required":true},"principal_name":{"type":"string","description":"User name or role name","description_kind":"plain","required":true},"principal_type":{"type":"string","description":"Principal type: User, Role or Group","description_kind":"plain","required":true},"rights":{"type":["set","string"],"description":"Permissions: Grant,View,Edit,Delete","description_kind":"plain","required":true}},"description":"Object permissions","description_kind":"plain"}},"workflow_approver":{"nesting_mode":"list","block":{"attributes":{"guid":{"type":"string","description":"ID of the principal","description_kind":"plain","optional":true},"name":{"type":"string","description":"User or role name of the approver","description_kind":"plain","optional":true},"no_manager_action":{"type":"string","description":"Type of principal","description_kind":"plain","optional":true},"options_selector":{"type":"bool","description_kind":"plain","optional":true},"type":{"type":"string","description":"Type of principal","description_kind":"plain","optional":true}},"block_types":{"backup_approver":{"nesting_mode":"list","block":{"attributes":{"guid":{"type":"string","description":"ID of the principal","description_kind":"plain","optional":true},"name":{"type":"string","description":"User or role name of the approver","description_kind":"plain","optional":true},"type":{"type":"string","description":"Type of principal","description_kind":"plain","optional":true}},"description_kind":"plain"},"max_items":1}},"description":"Workflow approvers","description_kind":"plain"}}},"description_kind":"plain","deprecated":true}},"centrifyvault_vaultdatabase":{"version":0,"block":{"attributes":{"allow_multiple_checkouts":{"type":"bool","description":"Allow multiple password checkouts for this database","description_kind":"plain","optional":true},"checkout_lifetime":{"type":"number","description":"Specifies the number of minutes that a checked out password is valid.","description_kind":"plain","optional":true},"connector_list":{"type":["set","string"],"description":"List of Connectors","description_kind":"plain","optional":true},"database_class":{"type":"string","description":"Type of the Database","description_kind":"plain","required":true},"description":{"type":"string","description":"Description of the Database","description_kind":"plain","optional":true},"enable_password_history_cleanup":{"type":"bool","description":"Enable periodic password history cleanup","description_kind":"plain","optional":true},"enable_password_rotation":{"type":"bool","description":"Enable periodic password rotation","description_kind":"plain","optional":true},"enable_password_rotation_after_checkin":{"type":"bool","description":"Enable password rotation after checkin","description_kind":"plain","optional":true},"hostname":{"type":"string","description":"Hostname or IP address of the Database","description_kind":"plain","required":true},"id":{"type":"string","description_kind":"plain","optional":true,"computed":true},"instance_name":{"type":"string","description":"Instance name of MS SQL Database","description_kind":"plain","optional":true},"minimum_password_age":{"type":"number","description":"Minimum Password Age (days)","description_kind":"plain","optional":true},"name":{"type":"string","description":"The name of the Database","description_kind":"plain","required":true},"password_historycleanup_duration":{"type":"number","description":"Password history cleanup (days)","description_kind":"plain","optional":true},"password_profile_id":{"type":"string","description":"Password complexity profile id","description_kind":"plain","optional":true},"password_rotate_interval":{"type":"number","description":"Password rotation interval (days)","description_kind":"plain","optional":true},"port":{"type":"number","description":"Port that used to connect to the Database","description_kind":"plain","optional":true},"service_name":{"type":"string","description":"Service name of Oracle database","description_kind":"plain","optional":true},"sets":{"type":["set","string"],"description":"Add to list of Sets","description_kind":"plain","optional":true},"skip_reachability_test":{"type":"bool","description":"Verify Database Settings","description_kind":"plain","optional":true}},"block_types":{"permission":{"nesting_mode":"set","block":{"attributes":{"principal_id":{"type":"string","description":"Uuid of the principal","description_kind":"plain","required":true},"principal_name":{"type":"string","description":"User name or role name","description_kind":"plain","required":true},"principal_type":{"type":"string","description":"Principal type: User, Role or Group","description_kind":"plain","required":true},"rights":{"type":["set","string"],"description":"Permissions: Grant,View,Edit,Delete","description_kind":"plain","required":true}},"description":"Object permissions","description_kind":"plain"}}},"description_kind":"plain","deprecated":true}},"centrifyvault_vaultdomain":{"version":0,"block":{"attributes":{"allow_multiple_checkouts":{"type":"bool","description":"Allow multiple password checkouts per AD account added for this domain","description_kind":"plain","optional":true},"checkout_lifetime":{"type":"number","description":"Checkout lifetime (minutes)","description_kind":"plain","optional":true},"connector_list":{"type":["set","string"],"description":"List of Connectors","description_kind":"plain","optional":true},"description":{"type":"string","description":"Description of the domain","description_kind":"plain","optional":true},"enable_password_history_cleanup":{"type":"bool","description":"Enable periodic password history cleanup","description_kind":"plain","optional":true},"enable_password_rotation":{"type":"bool","description":"Enable periodic password rotation","description_kind":"plain","optional":true},"enable_password_rotation_after_checkin":{"type":"bool","description":"Enable password rotation after checkin","description_kind":"plain","optional":true},"enable_zone_joined_check":{"type":"bool","description":"Enable periodic domain/zone joined check","description_kind":"plain","optional":true},"enable_zonerole_cleanup":{"type":"bool","description":"Enable periodic removal of expired zone role assignments","description_kind":"plain","optional":true},"forest_id":{"type":"string","description_kind":"plain","optional":true},"id":{"type":"string","description_kind":"plain","optional":true,"computed":true},"minimum_password_age":{"type":"number","description":"Minimum Password Age (days)","description_kind":"plain","optional":true},"name":{"type":"string","description":"The domain name","description_kind":"plain","required":true},"parent_id":{"type":"string","description_kind":"plain","optional":true},"password_historycleanup_duration":{"type":"number","description":"Password history cleanup (days)","description_kind":"plain","optional":true},"password_profile_id":{"type":"string","description":"Password complexity profile id","description_kind":"plain","optional":true},"password_rotate_interval":{"type":"number","description":"Password rotation interval (days)","description_kind":"plain","optional":true},"sets":{"type":["set","string"],"description":"Add to list of Sets","description_kind":"plain","optional":true},"verify":{"type":"bool","description":"Whether to verify the Domain upon creation","description_kind":"plain","optional":true},"zone_joined_check_interval":{"type":"number","description":"Domain/zone joined check interval (minutes)","description_kind":"plain","optional":true},"zonerole_cleanup_interval":{"type":"number","description":"Expired zone role assignment removal interval (hours)","description_kind":"plain","optional":true}},"block_types":{"permission":{"nesting_mode":"set","block":{"attributes":{"principal_id":{"type":"string","description":"Uuid of the principal","description_kind":"plain","required":true},"principal_name":{"type":"string","description":"User name or role name","description_kind":"plain","required":true},"principal_type":{"type":"string","description":"Principal type: User, Role or Group","description_kind":"plain","required":true},"rights":{"type":["set","string"],"description":"Permissions: Grant,View,Edit,Delete","description_kind":"plain","required":true}},"description":"Object permissions","description_kind":"plain"}}},"description_kind":"plain","deprecated":true}},"centrifyvault_vaultdomainconfiguration":{"version":0,"block":{"attributes":{"administrative_account_id":{"type":"string","description":"ID of administrative account","description_kind":"plain","required":true},"administrative_account_name":{"type":"string","description":"Name of administrative account","description_kind":"plain","optional":true,"computed":true},"administrative_account_password":{"type":"string","description":"Password of administrative account","description_kind":"plain","optional":true,"sensitive":true},"administrator_display_name":{"type":"string","description_kind":"plain","computed":true},"auto_domain_account_maintenance":{"type":"bool","description":"Enable Automatic Domain Account Maintenance","description_kind":"plain","optional":true},"auto_local_account_maintenance":{"type":"bool","description":"Enable Automatic Local Account Maintenance","description_kind":"plain","optional":true},"domain_id":{"type":"string","description":"ID of domain","description_kind":"plain","required":true},"enable_zonerole_workflow":{"type":"bool","description":"Enable zone role requests for this system","description_kind":"plain","optional":true},"id":{"type":"string","description_kind":"plain","optional":true,"computed":true},"manual_domain_account_unlock":{"type":"bool","description":"Enable Manual Domain Account Unlock","description_kind":"plain","optional":true},"manual_local_account_unlock":{"type":"bool","description":"Enable Manual Local Account Unlock","description_kind":"plain","optional":true},"provisioning_admin_id":{"type":"string","description":"Provisioning Administrative Account ID (must be managed)","description_kind":"plain","optional":true},"reconciliation_account_name":{"type":"string","description":"Reconciliation account name","description_kind":"plain","optional":true}},"block_types":{"assigned_zonerole":{"nesting_mode":"set","block":{"attributes":{"description":{"type":"string","description":"Description of the zone role","description_kind":"plain","optional":true},"name":{"type":"string","description":"Zone role name. In the format of \u003czone role name\u003e/\u003czone name\u003e","description_kind":"plain","required":true},"parent_zone_dn":{"type":"string","description":"DN of the parent zone","description_kind":"plain","optional":true},"unix":{"type":"bool","description":"The zone role is for Unix","description_kind":"plain","optional":true},"windows":{"type":"bool","description":"The zone role is for Windows","description_kind":"plain","optional":true},"zone_canonical_name":{"type":"string","description":"Cannoical name of the zone","description_kind":"plain","optional":true},"zone_description":{"type":"string","description":"Description of the zone","description_kind":"plain","optional":true},"zone_dn":{"type":"string","description":"Distinguished Name (DN) of the zone","description_kind":"plain","optional":true}},"description":"Zone Role","description_kind":"plain"}},"assigned_zonerole_approver":{"nesting_mode":"list","block":{"attributes":{"guid":{"type":"string","description":"ID of the principal","description_kind":"plain","optional":true},"name":{"type":"string","description":"User or role name of the approver","description_kind":"plain","optional":true},"no_manager_action":{"type":"string","description":"Type of principal","description_kind":"plain","optional":true},"options_selector":{"type":"bool","description_kind":"plain","optional":true},"type":{"type":"string","description":"Type of principal","description_kind":"plain","optional":true}},"block_types":{"backup_approver":{"nesting_mode":"list","block":{"attributes":{"guid":{"type":"string","description":"ID of the principal","description_kind":"plain","optional":true},"name":{"type":"string","description":"User or role name of the approver","description_kind":"plain","optional":true},"type":{"type":"string","description":"Type of principal","description_kind":"plain","optional":true}},"description_kind":"plain"},"max_items":1}},"description":"Workflow approvers","description_kind":"plain"}}},"description_kind":"plain","deprecated":true}},"centrifyvault_vaultdomainreconciliation":{"version":0,"block":{"attributes":{"administrative_account_id":{"type":"string","description":"ID of administrative account","description_kind":"plain","required":true},"administrative_account_name":{"type":"string","description":"Name of administrative account","description_kind":"plain","optional":true,"computed":true},"administrative_account_password":{"type":"string","description":"Password of administrative account","description_kind":"plain","optional":true,"sensitive":true},"administrator_display_name":{"type":"string","description_kind":"plain","computed":true},"auto_domain_account_maintenance":{"type":"bool","description":"Enable Automatic Domain Account Maintenance","description_kind":"plain","optional":true},"auto_local_account_maintenance":{"type":"bool","description":"Enable Automatic Local Account Maintenance","description_kind":"plain","optional":true},"domain_id":{"type":"string","description":"ID of domain","description_kind":"plain","required":true},"enable_zonerole_workflow":{"type":"bool","description":"Enable zone role requests for this system","description_kind":"plain","optional":true},"id":{"type":"string","description_kind":"plain","optional":true,"computed":true},"manual_domain_account_unlock":{"type":"bool","description":"Enable Manual Domain Account Unlock","description_kind":"plain","optional":true},"manual_local_account_unlock":{"type":"bool","description":"Enable Manual Local Account Unlock","description_kind":"plain","optional":true},"provisioning_admin_id":{"type":"string","description":"Provisioning Administrative Account ID (must be managed)","description_kind":"plain","optional":true},"reconciliation_account_name":{"type":"string","description":"Reconciliation account name","description_kind":"plain","optional":true}},"block_types":{"assigned_zonerole":{"nesting_mode":"set","block":{"attributes":{"description":{"type":"string","description":"Description of the zone role","description_kind":"plain","optional":true},"name":{"type":"string","description":"Zone role name. In the format of \u003czone role name\u003e/\u003czone name\u003e","description_kind":"plain","required":true},"parent_zone_dn":{"type":"string","description":"DN of the parent zone","description_kind":"plain","optional":true},"unix":{"type":"bool","description":"The zone role is for Unix","description_kind":"plain","optional":true},"windows":{"type":"bool","description":"The zone role is for Windows","description_kind":"plain","optional":true},"zone_canonical_name":{"type":"string","description":"Cannoical name of the zone","description_kind":"plain","optional":true},"zone_description":{"type":"string","description":"Description of the zone","description_kind":"plain","optional":true},"zone_dn":{"type":"string","description":"Distinguished Name (DN) of the zone","description_kind":"plain","optional":true}},"description":"Zone Role","description_kind":"plain"}},"assigned_zonerole_approver":{"nesting_mode":"list","block":{"attributes":{"guid":{"type":"string","description":"ID of the principal","description_kind":"plain","optional":true},"name":{"type":"string","description":"User or role name of the approver","description_kind":"plain","optional":true},"no_manager_action":{"type":"string","description":"Type of principal","description_kind":"plain","optional":true},"options_selector":{"type":"bool","description_kind":"plain","optional":true},"type":{"type":"string","description":"Type of principal","description_kind":"plain","optional":true}},"block_types":{"backup_approver":{"nesting_mode":"list","block":{"attributes":{"guid":{"type":"string","description":"ID of the principal","description_kind":"plain","optional":true},"name":{"type":"string","description":"User or role name of the approver","description_kind":"plain","optional":true},"type":{"type":"string","description":"Type of principal","description_kind":"plain","optional":true}},"description_kind":"plain"},"max_items":1}},"description":"Workflow approvers","description_kind":"plain"}}},"description_kind":"plain","deprecated":true}},"centrifyvault_vaultsecret":{"version":0,"block":{"attributes":{"default_profile_id":{"type":"string","description":"Default Secret Challenge Profile (used if no conditions matched)","description_kind":"plain","optional":true},"description":{"type":"string","description":"Description of the secret","description_kind":"plain","optional":true},"folder_id":{"type":"string","description":"ID of the folder where the secret is located","description_kind":"plain","optional":true},"id":{"type":"string","description_kind":"plain","optional":true,"computed":true},"parent_path":{"type":"string","description":"Path of parent folder","description_kind":"plain","optional":true,"computed":true},"secret_name":{"type":"string","description":"Name of the secret","description_kind":"plain","required":true},"secret_text":{"type":"string","description":"Content of the secret","description_kind":"plain","optional":true,"sensitive":true},"sets":{"type":["set","string"],"description":"Add to list of Sets","description_kind":"plain","optional":true},"type":{"type":"string","description":"Either Text or File","description_kind":"plain","required":true},"workflow_enabled":{"type":"bool","description_kind":"plain","optional":true}},"block_types":{"challenge_rule":{"nesting_mode":"list","block":{"attributes":{"authentication_profile_id":{"type":"string","description":"Authentication Profile (if all conditions met)","description_kind":"plain","optional":true}},"block_types":{"rule":{"nesting_mode":"set","block":{"attributes":{"condition":{"type":"string","description_kind":"plain","required":true},"filter":{"type":"string","description_kind":"plain","required":true},"value":{"type":"string","description_kind":"plain","optional":true}},"description_kind":"plain"}}},"description":"Authentication rules","description_kind":"plain"}},"permission":{"nesting_mode":"set","block":{"attributes":{"principal_id":{"type":"string","description":"Uuid of the principal","description_kind":"plain","required":true},"principal_name":{"type":"string","description":"User name or role name","description_kind":"plain","required":true},"principal_type":{"type":"string","description":"Principal type: User, Role or Group","description_kind":"plain","required":true},"rights":{"type":["set","string"],"description":"Permissions: Grant,View,Edit,Delete","description_kind":"plain","required":true}},"description":"Object permissions","description_kind":"plain"}},"workflow_approver":{"nesting_mode":"list","block":{"attributes":{"guid":{"type":"string","description":"ID of the principal","description_kind":"plain","optional":true},"name":{"type":"string","description":"User or role name of the approver","description_kind":"plain","optional":true},"no_manager_action":{"type":"string","description":"Type of principal","description_kind":"plain","optional":true},"options_selector":{"type":"bool","description_kind":"plain","optional":true},"type":{"type":"string","description":"Type of principal","description_kind":"plain","optional":true}},"block_types":{"backup_approver":{"nesting_mode":"list","block":{"attributes":{"guid":{"type":"string","description":"ID of the principal","description_kind":"plain","optional":true},"name":{"type":"string","description":"User or role name of the approver","description_kind":"plain","optional":true},"type":{"type":"string","description":"Type of principal","description_kind":"plain","optional":true}},"description_kind":"plain"},"max_items":1}},"description":"Workflow approvers","description_kind":"plain"}}},"description_kind":"plain","deprecated":true}},"centrifyvault_vaultsecretfolder":{"version":0,"block":{"attributes":{"default_profile_id":{"type":"string","description":"Default Secret Challenge Profile (used if no conditions matched)","description_kind":"plain","optional":true},"description":{"type":"string","description":"Description of an secret folder","description_kind":"plain","optional":true},"id":{"type":"string","description_kind":"plain","optional":true,"computed":true},"name":{"type":"string","description":"The name of the secret folder","description_kind":"plain","required":true},"parent_id":{"type":"string","description":"Parent folder ID of an secret folder","description_kind":"plain","optional":true},"parent_path":{"type":"string","description":"Parent folder path of an secret folder","description_kind":"plain","optional":true,"computed":true}},"block_types":{"challenge_rule":{"nesting_mode":"list","block":{"attributes":{"authentication_profile_id":{"type":"string","description":"Authentication Profile (if all conditions met)","description_kind":"plain","optional":true}},"block_types":{"rule":{"nesting_mode":"set","block":{"attributes":{"condition":{"type":"string","description_kind":"plain","required":true},"filter":{"type":"string","description_kind":"plain","required":true},"value":{"type":"string","description_kind":"plain","optional":true}},"description_kind":"plain"}}},"description":"Authentication rules","description_kind":"plain"}},"member_permission":{"nesting_mode":"set","block":{"attributes":{"principal_id":{"type":"string","description":"Uuid of the principal","description_kind":"plain","required":true},"principal_name":{"type":"string","description":"User name or role name","description_kind":"plain","required":true},"principal_type":{"type":"string","description":"Principal type: User, Role or Group","description_kind":"plain","required":true},"rights":{"type":["set","string"],"description":"Permissions: Grant,View,Edit,Delete","description_kind":"plain","required":true}},"description":"Object permissions","description_kind":"plain"}},"permission":{"nesting_mode":"set","block":{"attributes":{"principal_id":{"type":"string","description":"Uuid of the principal","description_kind":"plain","required":true},"principal_name":{"type":"string","description":"User name or role name","description_kind":"plain","required":true},"principal_type":{"type":"string","description":"Principal type: User, Role or Group","description_kind":"plain","required":true},"rights":{"type":["set","string"],"description":"Permissions: Grant,View,Edit,Delete","description_kind":"plain","required":true}},"description":"Object permissions","description_kind":"plain"}}},"description_kind":"plain","deprecated":true}},"centrifyvault_vaultsystem":{"version":0,"block":{"attributes":{"agent_auth_workflow_enabled":{"type":"bool","description_kind":"plain","optional":true},"allow_multiple_checkouts":{"type":"bool","description":"Allow multiple password checkouts for this system","description_kind":"plain","optional":true},"allow_rdp_clipboard":{"type":"bool","description":"Allow RDP client to sync local clipboard with remote session","description_kind":"plain","optional":true},"allow_remote_access":{"type":"bool","description":"Allow access from a public network (web client only)","description_kind":"plain","optional":true},"checkout_lifetime":{"type":"number","description":"Specifies the number of minutes that a checked out password is valid.","description_kind":"plain","optional":true},"computer_class":{"type":"string","description":"Type of the system","description_kind":"plain","required":true},"connector_list":{"type":["set","string"],"description":"List of Connectors","description_kind":"plain","optional":true},"default_profile_id":{"type":"string","description":"Default System Login Profile (used if no conditions matched)","description_kind":"plain","optional":true},"description":{"type":"string","description":"Description of the system","description_kind":"plain","optional":true},"domain_id":{"type":"string","description":"AD domain that this system belongs to","description_kind":"plain","optional":true},"enable_password_history_cleanup":{"type":"bool","description":"Enable periodic password history cleanup","description_kind":"plain","optional":true},"enable_password_rotation":{"type":"bool","description":"Enable periodic password rotation","description_kind":"plain","optional":true},"enable_password_rotation_after_checkin":{"type":"bool","description":"Enable password rotation after checkin","description_kind":"plain","optional":true},"enable_sshkey_history_cleanup":{"type":"bool","description":"Enable periodic SSH key history cleanup","description_kind":"plain","optional":true},"enable_sshkey_rotation":{"type":"bool","description":"Enable periodic SSH key rotation","description_kind":"plain","optional":true},"enable_zonerole_workflow":{"type":"bool","description":"Enable zone role requests for this system","description_kind":"plain","optional":true},"fqdn":{"type":"string","description":"Hostname or IP address of the system","description_kind":"plain","required":true},"id":{"type":"string","description_kind":"plain","optional":true,"computed":true},"local_account_automatic_maintenance":{"type":"bool","description":"Local Account Automatic Maintenance","description_kind":"plain","optional":true},"local_account_manual_unlock":{"type":"bool","description":"Local Account Manual Unlock","description_kind":"plain","optional":true},"management_mode":{"type":"string","description":"Management mode of the system. For Windows only","description_kind":"plain","optional":true,"computed":true},"management_port":{"type":"number","description":"Management port for account management. For Windows, F5, PAN-OS and VMKernel only","description_kind":"plain","optional":true},"minimum_password_age":{"type":"number","description":"Minimum Password Age (days)","description_kind":"plain","optional":true},"minimum_sshkey_age":{"type":"number","description":"Minimum SSH Key Age (days)","description_kind":"plain","optional":true},"name":{"type":"string","description":"The name of the system","description_kind":"plain","required":true},"password_historycleanup_duration":{"type":"number","description":"Password history cleanup (days)","description_kind":"plain","optional":true},"password_profile_id":{"type":"string","description":"Password complexity profile id","description_kind":"plain","optional":true},"password_rotate_interval":{"type":"number","description":"Password rotation interval (days)","description_kind":"plain","optional":true},"port":{"type":"number","description":"Port that used to connect to the system","description_kind":"plain","optional":true},"privilege_elevation_default_profile_id":{"type":"string","description":"Default Privilege Elevation Profile (used if no conditions matched)","description_kind":"plain","optional":true},"privilege_elevation_workflow_enabled":{"type":"bool","description_kind":"plain","optional":true},"proxyuser":{"type":"string","description_kind":"plain","optional":true},"proxyuser_managed":{"type":"bool","description_kind":"plain","optional":true},"proxyuser_password":{"type":"string","description_kind":"plain","optional":true,"sensitive":true},"remove_user_on_session_end":{"type":"bool","description":"Remove local accounts upon session termination - Windows only ","description_kind":"plain","optional":true},"session_type":{"type":"string","description":"Login session type that the system supports","description_kind":"plain","required":true},"sets":{"type":["set","string"],"description":"Add to list of Sets","description_kind":"plain","optional":true},"sshkey_algorithm":{"type":"string","description":"SSH Key Generation Algorithm","description_kind":"plain","optional":true},"sshkey_historycleanup_duration":{"type":"number","description":"SSH key history cleanup (days)","description_kind":"plain","optional":true},"sshkey_rotate_interval":{"type":"number","description":"SSH key rotation interval (days)","description_kind":"plain","optional":true},"status":{"type":"string","description_kind":"plain","computed":true},"system_timezone":{"type":"string","description":"System time zone","description_kind":"plain","optional":true,"computed":true},"use_domain_assignment_for_zonerole_approvers":{"type":"bool","description":"Approver list - Use domain assignments","description_kind":"plain","optional":true},"use_domain_assignment_for_zoneroles":{"type":"bool","description":"Assignable Zone Roles - Use domain assignments","description_kind":"plain","optional":true},"use_domainadmin_for_zonerole_workflow":{"type":"bool","description":"Use Domain Administrator Account for Zone Role Workflow operations","description_kind":"plain","optional":true},"use_my_account":{"type":"bool","description":"Enable Use My Account","description_kind":"plain","optional":true}},"block_types":{"agent_auth_workflow_approver":{"nesting_mode":"list","block":{"attributes":{"guid":{"type":"string","description":"ID of the principal","description_kind":"plain","optional":true},"name":{"type":"string","description":"User or role name of the approver","description_kind":"plain","optional":true},"no_manager_action":{"type":"string","description":"Type of principal","description_kind":"plain","optional":true},"options_selector":{"type":"bool","description_kind":"plain","optional":true},"type":{"type":"string","description":"Type of principal","description_kind":"plain","optional":true}},"block_types":{"backup_approver":{"nesting_mode":"list","block":{"attributes":{"guid":{"type":"string","description":"ID of the principal","description_kind":"plain","optional":true},"name":{"type":"string","description":"User or role name of the approver","description_kind":"plain","optional":true},"type":{"type":"string","description":"Type of principal","description_kind":"plain","optional":true}},"description_kind":"plain"},"max_items":1}},"description":"Workflow approvers","description_kind":"plain"}},"assigned_zonerole":{"nesting_mode":"set","block":{"attributes":{"description":{"type":"string","description":"Description of the zone role","description_kind":"plain","optional":true},"name":{"type":"string","description":"Zone role name. In the format of \u003czone role name\u003e/\u003czone name\u003e","description_kind":"plain","required":true},"parent_zone_dn":{"type":"string","description":"DN of the parent zone","description_kind":"plain","optional":true},"unix":{"type":"bool","description":"The zone role is for Unix","description_kind":"plain","optional":true},"windows":{"type":"bool","description":"The zone role is for Windows","description_kind":"plain","optional":true},"zone_canonical_name":{"type":"string","description":"Cannoical name of the zone","description_kind":"plain","optional":true},"zone_description":{"type":"string","description":"Description of the zone","description_kind":"plain","optional":true},"zone_dn":{"type":"string","description":"Distinguished Name (DN) of the zone","description_kind":"plain","optional":true}},"description":"Zone Role","description_kind":"plain"}},"assigned_zonerole_approver":{"nesting_mode":"list","block":{"attributes":{"guid":{"type":"string","description":"ID of the principal","description_kind":"plain","optional":true},"name":{"type":"string","description":"User or role name of the approver","description_kind":"plain","optional":true},"no_manager_action":{"type":"string","description":"Type of principal","description_kind":"plain","optional":true},"options_selector":{"type":"bool","description_kind":"plain","optional":true},"type":{"type":"string","description":"Type of principal","description_kind":"plain","optional":true}},"block_types":{"backup_approver":{"nesting_mode":"list","block":{"attributes":{"guid":{"type":"string","description":"ID of the principal","description_kind":"plain","optional":true},"name":{"type":"string","description":"User or role name of the approver","description_kind":"plain","optional":true},"type":{"type":"string","description":"Type of principal","description_kind":"plain","optional":true}},"description_kind":"plain"},"max_items":1}},"description":"Workflow approvers","description_kind":"plain"}},"challenge_rule":{"nesting_mode":"list","block":{"attributes":{"authentication_profile_id":{"type":"string","description":"Authentication Profile (if all conditions met)","description_kind":"plain","optional":true}},"block_types":{"rule":{"nesting_mode":"set","block":{"attributes":{"condition":{"type":"string","description_kind":"plain","required":true},"filter":{"type":"string","description_kind":"plain","required":true},"value":{"type":"string","description_kind":"plain","optional":true}},"description_kind":"plain"}}},"description":"Authentication rules","description_kind":"plain"}},"permission":{"nesting_mode":"set","block":{"attributes":{"principal_id":{"type":"string","description":"Uuid of the principal","description_kind":"plain","required":true},"principal_name":{"type":"string","description":"User name or role name","description_kind":"plain","required":true},"principal_type":{"type":"string","description":"Principal type: User, Role or Group","description_kind":"plain","required":true},"rights":{"type":["set","string"],"description":"Permissions: Grant,View,Edit,Delete","description_kind":"plain","required":true}},"description":"Object permissions","description_kind":"plain"}},"privilege_elevation_rule":{"nesting_mode":"list","block":{"attributes":{"authentication_profile_id":{"type":"string","description":"Authentication Profile (if all conditions met)","description_kind":"plain","optional":true}},"block_types":{"rule":{"nesting_mode":"set","block":{"attributes":{"condition":{"type":"string","description_kind":"plain","required":true},"filter":{"type":"string","description_kind":"plain","required":true},"value":{"type":"string","description_kind":"plain","optional":true}},"description_kind":"plain"}}},"description":"Authentication rules","description_kind":"plain"}},"privilege_elevation_workflow_approver":{"nesting_mode":"list","block":{"attributes":{"guid":{"type":"string","description":"ID of the principal","description_kind":"plain","optional":true},"name":{"type":"string","description":"User or role name of the approver","description_kind":"plain","optional":true},"no_manager_action":{"type":"string","description":"Type of principal","description_kind":"plain","optional":true},"options_selector":{"type":"bool","description_kind":"plain","optional":true},"type":{"type":"string","description":"Type of principal","description_kind":"plain","optional":true}},"block_types":{"backup_approver":{"nesting_mode":"list","block":{"attributes":{"guid":{"type":"string","description":"ID of the principal","description_kind":"plain","optional":true},"name":{"type":"string","description":"User or role name of the approver","description_kind":"plain","optional":true},"type":{"type":"string","description":"Type of principal","description_kind":"plain","optional":true}},"description_kind":"plain"},"max_items":1}},"description":"Workflow approvers","description_kind":"plain"}}},"description_kind":"plain","deprecated":true}},"centrifyvault_webapp_generic":{"version":0,"block":{"attributes":{"additional_login_field":{"type":"string","description":"The CSS Selector for any Additional Login Field required to login besides username and password, such as Company name or Agency ID. For example, the selector could be input#login-company-id. This entry is required only if there is an additional login field besides username and password.","description_kind":"plain","optional":true},"additional_login_field_value":{"type":"string","description":"The value for the Additional Login Field. For example, if there is an additional login field for the company name, enter the company name here. This entry is required if Additional Login Field is set.","description_kind":"plain","optional":true},"default_profile_id":{"type":"string","description":"Default authentication profile ID","description_kind":"plain","optional":true},"description":{"type":"string","description":"Description of the Web App","description_kind":"plain","optional":true},"form_field":{"type":"string","description":"The CSS Selector for the form field of the login form, for example, form#loginForm.","description_kind":"plain","optional":true},"hostname_suffix":{"type":"string","description":"The host name suffix for the url of the login form, for example, acme.com.","description_kind":"plain","optional":true},"id":{"type":"string","description_kind":"plain","optional":true,"computed":true},"name":{"type":"string","description":"Name of the Web App","description_kind":"plain","required":true},"order":{"type":"string","description":"Use this field to specify the order of login if it is not username, password and submit.","description_kind":"plain","optional":true},"password":{"type":"string","description":"Password for all user share one name","description_kind":"plain","optional":true,"sensitive":true},"password_field":{"type":"string","description":"The CSS Selector for the password field in the login form, for example, input#login-password.","description_kind":"plain","optional":true},"policy_script":{"type":"string","description":"Use script to specify authentication rules (configured rules are ignored)","description_kind":"plain","optional":true},"script":{"type":"string","description":"Script to log the user in to this application","description_kind":"plain","optional":true},"selector_timeout":{"type":"number","description":"Use this field to indicate the number of milliseconds to wait for the expected input selectors to load before timing out on failure. A zero or negative number means no timeout.","description_kind":"plain","optional":true},"sets":{"type":["set","string"],"description":"Add to list of Sets","description_kind":"plain","optional":true},"submit_field":{"type":"string","description":"The CSS Selector for the Submit button in the login form, for example, input#login-button. This entry is optional. It is required only if you cannot submit the form by pressing the enter key.","description_kind":"plain","optional":true},"template_name":{"type":"string","description":"Template name of the Web App","description_kind":"plain","required":true},"url":{"type":"string","description":"The URL of the application","description_kind":"plain","optional":true},"use_ad_login_pw":{"type":"bool","description":"Use the login password supplied by the user (Active Directory users only)","description_kind":"plain","optional":true},"use_ad_login_pw_by_script":{"type":"bool","description":"Use the login password supplied by the user for account mapping script (Active Directory users only)","description_kind":"plain","optional":true},"user_map_script":{"type":"string","description":"Account mapping script","description_kind":"plain","optional":true},"username":{"type":"string","description":"All users share the user name. Applicable if 'username_strategy' is 'Fixed'","description_kind":"plain","optional":true},"username_field":{"type":"string","description":"The CSS Selector for the user name field in the login form, for example, input#login-username.","description_kind":"plain","optional":true},"username_strategy":{"type":"string","description":"Account mapping","description_kind":"plain","optional":true},"workflow_enabled":{"type":"bool","description_kind":"plain","optional":true},"workflow_settings":{"type":"string","description_kind":"plain","optional":true,"computed":true}},"block_types":{"challenge_rule":{"nesting_mode":"list","block":{"attributes":{"authentication_profile_id":{"type":"string","description":"Authentication Profile (if all conditions met)","description_kind":"plain","optional":true}},"block_types":{"rule":{"nesting_mode":"set","block":{"attributes":{"condition":{"type":"string","description_kind":"plain","required":true},"filter":{"type":"string","description_kind":"plain","required":true},"value":{"type":"string","description_kind":"plain","optional":true}},"description_kind":"plain"}}},"description":"Authentication rules","description_kind":"plain"}},"permission":{"nesting_mode":"set","block":{"attributes":{"principal_id":{"type":"string","description":"Uuid of the principal","description_kind":"plain","required":true},"principal_name":{"type":"string","description":"User name or role name","description_kind":"plain","required":true},"principal_type":{"type":"string","description":"Principal type: User, Role or Group","description_kind":"plain","required":true},"rights":{"type":["set","string"],"description":"Permissions: Grant,View,Edit,Delete","description_kind":"plain","required":true}},"description":"Object permissions","description_kind":"plain"}},"workflow_approver":{"nesting_mode":"list","block":{"attributes":{"guid":{"type":"string","description":"ID of the principal","description_kind":"plain","optional":true},"name":{"type":"string","description":"User or role name of the approver","description_kind":"plain","optional":true},"no_manager_action":{"type":"string","description":"Type of principal","description_kind":"plain","optional":true},"options_selector":{"type":"bool","description_kind":"plain","optional":true},"type":{"type":"string","description":"Type of principal","description_kind":"plain","optional":true}},"block_types":{"backup_approver":{"nesting_mode":"list","block":{"attributes":{"guid":{"type":"string","description":"ID of the principal","description_kind":"plain","optional":true},"name":{"type":"string","description":"User or role name of the approver","description_kind":"plain","optional":true},"type":{"type":"string","description":"Type of principal","description_kind":"plain","optional":true}},"description_kind":"plain"},"max_items":1}},"description":"Workflow approvers","description_kind":"plain"}}},"description_kind":"plain","deprecated":true}},"centrifyvault_webapp_oauth":{"version":0,"block":{"attributes":{"application_id":{"type":"string","description":"Application ID. Specify the name or 'target' that the mobile application uses to find this application.","description_kind":"plain","required":true},"description":{"type":"string","description":"Description of the Web App","description_kind":"plain","optional":true},"id":{"type":"string","description_kind":"plain","optional":true,"computed":true},"name":{"type":"string","description":"Name of the Web App","description_kind":"plain","required":true},"oidc_script":{"type":"string","description_kind":"plain","optional":true,"computed":true},"script":{"type":"string","description":"Script to customize JWT token creation for this application","description_kind":"plain","optional":true},"sets":{"type":["set","string"],"description":"Add to list of Sets","description_kind":"plain","optional":true},"template_name":{"type":"string","description":"Template name of the Web App","description_kind":"plain","required":true}},"block_types":{"oauth_profile":{"nesting_mode":"list","block":{"attributes":{"allow_refresh":{"type":"bool","description":"Issue refresh tokens","description_kind":"plain","optional":true},"allow_scope_select":{"type":"bool","description":"Allow scope selection","description_kind":"plain","optional":true},"allowed_auth":{"type":["set","string"],"description":"Authentication methods","description_kind":"plain","required":true},"allowed_clients":{"type":["set","string"],"description":"Allowed clients","description_kind":"plain","optional":true},"audience":{"type":"string","description":"OAuth server audience","description_kind":"plain","optional":true},"clientid_type":{"type":"number","description":"ClientID type","description_kind":"plain","required":true},"confirm_authorization":{"type":"bool","description":"User must confirm authorization request","description_kind":"plain","optional":true},"issuer":{"type":"string","description":"OAuth server issuer","description_kind":"plain","optional":true},"must_oauth_client":{"type":"bool","description":"Must be OAuth Client","description_kind":"plain","optional":true},"redirects":{"type":["set","string"],"description":"Redirects","description_kind":"plain","optional":true},"refresh_lifetime":{"type":"string","description":"Refresh token lifetime","description_kind":"plain","optional":true},"target_is_us":{"type":"bool","description_kind":"plain","optional":true},"token_lifetime":{"type":"string","description":"Token lifetime","description_kind":"plain","required":true},"token_type":{"type":"string","description":"ClientID type","description_kind":"plain","required":true}},"block_types":{"scope":{"nesting_mode":"set","block":{"attributes":{"allowed_rest_apis":{"type":["set","string"],"description":"Allowed REST APIs","description_kind":"plain","optional":true},"description":{"type":"string","description_kind":"plain","optional":true},"name":{"type":"string","description_kind":"plain","required":true}},"description":"Scope definitions","description_kind":"plain"}}},"description_kind":"plain"},"max_items":1},"permission":{"nesting_mode":"set","block":{"attributes":{"principal_id":{"type":"string","description":"Uuid of the principal","description_kind":"plain","required":true},"principal_name":{"type":"string","description":"User name or role name","description_kind":"plain","required":true},"principal_type":{"type":"string","description":"Principal type: User, Role or Group","description_kind":"plain","required":true},"rights":{"type":["set","string"],"description":"Permissions: Grant,View,Edit,Delete","description_kind":"plain","required":true}},"description":"Object permissions","description_kind":"plain"}}},"description_kind":"plain","deprecated":true}},"centrifyvault_webapp_oidc":{"version":0,"block":{"attributes":{"application_id":{"type":"string","description":"Application ID. Specify the name or 'target' that the mobile application uses to find this application.","description_kind":"plain","required":true},"default_profile_id":{"type":"string","description":"Default authentication profile ID","description_kind":"plain","optional":true},"description":{"type":"string","description":"Description of the Web App","description_kind":"plain","optional":true},"id":{"type":"string","description_kind":"plain","optional":true,"computed":true},"name":{"type":"string","description":"Name of the Web App","description_kind":"plain","required":true},"oidc_script":{"type":"string","description_kind":"plain","optional":true,"computed":true},"policy_script":{"type":"string","description":"Use script to specify authentication rules (configured rules are ignored)","description_kind":"plain","optional":true},"script":{"type":"string","description":"Script to generate OpenID Connect Authorization and UserInfo responses for this application","description_kind":"plain","optional":true},"sets":{"type":["set","string"],"description":"Add to list of Sets","description_kind":"plain","optional":true},"template_name":{"type":"string","description":"Template name of the Web App","description_kind":"plain","required":true},"user_map_script":{"type":"string","description":"Account mapping script. Applicable if 'username_strategy' is 'UseScript'","description_kind":"plain","optional":true},"username":{"type":"string","description":"All users share the user name. Applicable if 'username_strategy' is 'Fixed'","description_kind":"plain","optional":true},"username_strategy":{"type":"string","description":"Account mapping","description_kind":"plain","optional":true},"workflow_enabled":{"type":"bool","description_kind":"plain","optional":true},"workflow_settings":{"type":"string","description_kind":"plain","optional":true,"computed":true}},"block_types":{"challenge_rule":{"nesting_mode":"list","block":{"attributes":{"authentication_profile_id":{"type":"string","description":"Authentication Profile (if all conditions met)","description_kind":"plain","optional":true}},"block_types":{"rule":{"nesting_mode":"set","block":{"attributes":{"condition":{"type":"string","description_kind":"plain","required":true},"filter":{"type":"string","description_kind":"plain","required":true},"value":{"type":"string","description_kind":"plain","optional":true}},"description_kind":"plain"}}},"description":"Authentication rules","description_kind":"plain"}},"oauth_profile":{"nesting_mode":"list","block":{"attributes":{"allow_refresh":{"type":"bool","description":"Issue refresh tokens","description_kind":"plain","optional":true},"application_url":{"type":"string","description":"Resource application URL. The OpenID Connect Service Provider URL","description_kind":"plain","required":true},"client_id":{"type":"string","description":"The OpenID Client ID for this Identity Provider","description_kind":"plain","computed":true},"client_secret":{"type":"string","description":"The OpenID Client Secret for this Identity Provider","description_kind":"plain","optional":true,"sensitive":true},"issuer":{"type":"string","description":"The OpenID Connect Issuer URL for this application","description_kind":"plain","computed":true},"redirects":{"type":["set","string"],"description":"Authorized Redirect URIs. Redirect URI that the Service Provider will specify in the OpenID Connect request to Centrify","description_kind":"plain","required":true},"refresh_lifetime":{"type":"string","description":"Refresh token lifetime","description_kind":"plain","optional":true},"script":{"type":"string","description":"Script to generate OpenID Connect Authorization and UserInfo responses for this application","description_kind":"plain","optional":true},"token_lifetime":{"type":"string","description":"Token lifetime","description_kind":"plain","required":true}},"description_kind":"plain"},"max_items":1},"permission":{"nesting_mode":"set","block":{"attributes":{"principal_id":{"type":"string","description":"Uuid of the principal","description_kind":"plain","required":true},"principal_name":{"type":"string","description":"User name or role name","description_kind":"plain","required":true},"principal_type":{"type":"string","description":"Principal type: User, Role or Group","description_kind":"plain","required":true},"rights":{"type":["set","string"],"description":"Permissions: Grant,View,Edit,Delete","description_kind":"plain","required":true}},"description":"Object permissions","description_kind":"plain"}},"workflow_approver":{"nesting_mode":"list","block":{"attributes":{"guid":{"type":"string","description":"ID of the principal","description_kind":"plain","optional":true},"name":{"type":"string","description":"User or role name of the approver","description_kind":"plain","optional":true},"no_manager_action":{"type":"string","description":"Type of principal","description_kind":"plain","optional":true},"options_selector":{"type":"bool","description_kind":"plain","optional":true},"type":{"type":"string","description":"Type of principal","description_kind":"plain","optional":true}},"block_types":{"backup_approver":{"nesting_mode":"list","block":{"attributes":{"guid":{"type":"string","description":"ID of the principal","description_kind":"plain","optional":true},"name":{"type":"string","description":"User or role name of the approver","description_kind":"plain","optional":true},"type":{"type":"string","description":"Type of principal","description_kind":"plain","optional":true}},"description_kind":"plain"},"max_items":1}},"description":"Workflow approvers","description_kind":"plain"}}},"description_kind":"plain","deprecated":true}},"centrifyvault_webapp_saml":{"version":0,"block":{"attributes":{"acs_url":{"type":"string","description":"Assertion Consumer Service (ACS) URL","description_kind":"plain","optional":true},"app_entity_id":{"type":"string","description":"Cloudera Entity ID or JIRA Cloud SP Entity ID","description_kind":"plain","optional":true},"application_id":{"type":"string","description":"Application ID. Specify the name or 'target' that the mobile application uses to find this application.","description_kind":"plain","optional":true},"authn_context_class":{"type":"string","description":"Select the Authentication Context Class that your Service Provider specifies to use. If SP does not specify one, select 'unspecified'.","description_kind":"plain","optional":true},"corp_identifier":{"type":"string","description":"AWS Account ID or Jira Cloud Subdomain","description_kind":"plain","optional":true},"default_profile_id":{"type":"string","description":"Default authentication profile ID","description_kind":"plain","optional":true},"description":{"type":"string","description":"Description of the Web App","description_kind":"plain","optional":true},"id":{"type":"string","description_kind":"plain","optional":true,"computed":true},"idp_metadata_url":{"type":"string","description_kind":"plain","computed":true},"name":{"type":"string","description":"Name of the Web App","description_kind":"plain","required":true},"name_id_format":{"type":"string","description":"This is the Format attribute value in the \u003cNameID\u003e element in SAML Response. Select the NameID Format that your Service Provider specifies to use. If SP does not specify one, select 'unspecified'.","description_kind":"plain","optional":true},"policy_script":{"type":"string","description":"Use script to specify authentication rules (configured rules are ignored)","description_kind":"plain","optional":true},"recipient":{"type":"string","description":"Service Provider recipient if it is different from ACS URL","description_kind":"plain","optional":true},"recipient_sameas_acs_url":{"type":"bool","description":"Recipient is same as ACS URL","description_kind":"plain","optional":true},"relay_state":{"type":"string","description":"If your Service Provider specifies a Relay State value to use, specify it here.","description_kind":"plain","optional":true},"saml_response_script":{"type":"string","description":"Javascript used to produce custom logic for SAML response","description_kind":"plain","optional":true},"sets":{"type":["set","string"],"description":"Add to list of Sets","description_kind":"plain","optional":true},"sign_assertion":{"type":"bool","description":"Sign assertion if true, otherwise sign response","description_kind":"plain","optional":true},"sp_config_method":{"type":"number","description":"Service Provider configuration method: metadata or manual configuration","description_kind":"plain","required":true},"sp_entity_id":{"type":"string","description":"SP Entity ID, also known as SP Issuer, or Audience, is a value given by your Service Provider","description_kind":"plain","optional":true},"sp_metadata_url":{"type":"string","description_kind":"plain","optional":true},"sp_metadata_xml":{"type":"string","description":"Service Provider metadata in XML format","description_kind":"plain","optional":true},"sp_single_logout_url":{"type":"string","description":"Single Logout URL","description_kind":"plain","optional":true},"template_name":{"type":"string","description":"Template name of the Web App","description_kind":"plain","required":true},"user_map_script":{"type":"string","description":"Account mapping script. Applicable if 'username_strategy' is 'UseScript'","description_kind":"plain","optional":true},"username":{"type":"string","description":"All users share the user name. Applicable if 'username_strategy' is 'Fixed'","description_kind":"plain","optional":true},"username_strategy":{"type":"string","description":"Account mapping","description_kind":"plain","optional":true},"workflow_enabled":{"type":"bool","description_kind":"plain","optional":true}},"block_types":{"challenge_rule":{"nesting_mode":"list","block":{"attributes":{"authentication_profile_id":{"type":"string","description":"Authentication Profile (if all conditions met)","description_kind":"plain","optional":true}},"block_types":{"rule":{"nesting_mode":"set","block":{"attributes":{"condition":{"type":"string","description_kind":"plain","required":true},"filter":{"type":"string","description_kind":"plain","required":true},"value":{"type":"string","description_kind":"plain","optional":true}},"description_kind":"plain"}}},"description":"Authentication rules","description_kind":"plain"}},"permission":{"nesting_mode":"set","block":{"attributes":{"principal_id":{"type":"string","description":"Uuid of the principal","description_kind":"plain","required":true},"principal_name":{"type":"string","description":"User name or role name","description_kind":"plain","required":true},"principal_type":{"type":"string","description":"Principal type: User, Role or Group","description_kind":"plain","required":true},"rights":{"type":["set","string"],"description":"Permissions: Grant,View,Edit,Delete","description_kind":"plain","required":true}},"description":"Object permissions","description_kind":"plain"}},"saml_attribute":{"nesting_mode":"set","block":{"attributes":{"name":{"type":"string","description_kind":"plain","optional":true},"value":{"type":"string","description_kind":"plain","optional":true}},"description":"Map attributes from your source directory to SAML attributes that should be included in the SAML response for this application.","description_kind":"plain"}},"workflow_approver":{"nesting_mode":"list","block":{"attributes":{"guid":{"type":"string","description":"ID of the principal","description_kind":"plain","optional":true},"name":{"type":"string","description":"User or role name of the approver","description_kind":"plain","optional":true},"no_manager_action":{"type":"string","description":"Type of principal","description_kind":"plain","optional":true},"options_selector":{"type":"bool","description_kind":"plain","optional":true},"type":{"type":"string","description":"Type of principal","description_kind":"plain","optional":true}},"block_types":{"backup_approver":{"nesting_mode":"list","block":{"attributes":{"guid":{"type":"string","description":"ID of the principal","description_kind":"plain","optional":true},"name":{"type":"string","description":"User or role name of the approver","description_kind":"plain","optional":true},"type":{"type":"string","description":"Type of principal","description_kind":"plain","optional":true}},"description_kind":"plain"},"max_items":1}},"description":"Workflow approvers","description_kind":"plain"}}},"description_kind":"plain","deprecated":true}}},"data_source_schemas":{"centrify_account":{"version":0,"block":{"attributes":{"access_key_id":{"type":"string","description":"AWS access key id","description_kind":"plain","optional":true},"access_secret_checkout_default_profile_id":{"type":"string","description":"Default secret access key checkout challenge rule id","description_kind":"plain","computed":true},"checkin":{"type":"bool","description":"Whether to checkin the password immediately after checkout","description_kind":"plain","optional":true},"checkout":{"type":"bool","description":"Whether to checkout the password","description_kind":"plain","optional":true},"checkout_lifetime":{"type":"number","description":"Checkout lifetime (minutes)","description_kind":"plain","computed":true},"cloudprovider_id":{"type":"string","description":"ID of the cloud provider it belongs to","description_kind":"plain","optional":true},"credential_name":{"type":"string","description_kind":"plain","computed":true},"credential_type":{"type":"string","description":"Either password or sshkey","description_kind":"plain","computed":true},"database_id":{"type":"string","description":"ID of the database it belongs to","description_kind":"plain","optional":true},"default_profile_id":{"type":"string","description":"Default password checkout profile id","description_kind":"plain","computed":true},"description":{"type":"string","description":"Description of the account","description_kind":"plain","computed":true},"domain_id":{"type":"string","description":"ID of the domain it belongs to","description_kind":"plain","optional":true},"host_id":{"type":"string","description":"ID of the system it belongs to","description_kind":"plain","optional":true},"id":{"type":"string","description_kind":"plain","optional":true,"computed":true},"is_admin_account":{"type":"bool","description":"Whether this is an administrative account","description_kind":"plain","computed":true},"is_root_account":{"type":"bool","description":"Whether this is an root account for cloud provider","description_kind":"plain","computed":true},"key_pair_type":{"type":"string","description_kind":"plain","optional":true},"managed":{"type":"bool","description":"If this account is managed","description_kind":"plain","computed":true},"name":{"type":"string","description":"Name of the account","description_kind":"plain","required":true},"passphrase":{"type":"string","description":"Passphrase to use for encrypting the PrivateKey","description_kind":"plain","optional":true,"sensitive":true},"password":{"type":"string","description":"Password of the account","description_kind":"plain","computed":true,"sensitive":true},"private_key":{"type":"string","description":"SSH private key","description_kind":"plain","optional":true,"sensitive":true},"secret_access_key":{"type":"string","description":"AWS secret access key","description_kind":"plain","optional":true,"sensitive":true},"sshkey_id":{"type":"string","description":"ID of SSH key","description_kind":"plain","computed":true},"status":{"type":"string","description_kind":"plain","computed":true},"use_proxy_account":{"type":"bool","description":"Use proxy account to manage this account","description_kind":"plain","computed":true},"workflow_enabled":{"type":"bool","description_kind":"plain","computed":true}},"block_types":{"access_key":{"nesting_mode":"set","block":{"attributes":{"access_key_id":{"type":"string","description":"AWS access key id","description_kind":"plain","required":true},"id":{"type":"string","description":"AWS access key id","description_kind":"plain","optional":true,"computed":true},"secret_access_key":{"type":"string","description":"AWS secret access key","description_kind":"plain","required":true,"sensitive":true}},"description":"AWS Access Key","description_kind":"plain"}},"access_secret_checkout_rule":{"nesting_mode":"list","block":{"attributes":{"authentication_profile_id":{"type":"string","description":"Authentication Profile (if all conditions met)","description_kind":"plain","optional":true}},"block_types":{"rule":{"nesting_mode":"set","block":{"attributes":{"condition":{"type":"string","description_kind":"plain","required":true},"filter":{"type":"string","description_kind":"plain","required":true},"value":{"type":"string","description_kind":"plain","optional":true}},"description_kind":"plain"}}},"description":"Authentication rules","description_kind":"plain"}},"challenge_rule":{"nesting_mode":"list","block":{"attributes":{"authentication_profile_id":{"type":"string","description":"Authentication Profile (if all conditions met)","description_kind":"plain","optional":true}},"block_types":{"rule":{"nesting_mode":"set","block":{"attributes":{"condition":{"type":"string","description_kind":"plain","required":true},"filter":{"type":"string","description_kind":"plain","required":true},"value":{"type":"string","description_kind":"plain","optional":true}},"description_kind":"plain"}}},"description":"Authentication rules","description_kind":"plain"}},"workflow_approver":{"nesting_mode":"list","block":{"attributes":{"guid":{"type":"string","description":"ID of the principal","description_kind":"plain","optional":true},"name":{"type":"string","description":"User or role name of the approver","description_kind":"plain","optional":true},"no_manager_action":{"type":"string","description":"Type of principal","description_kind":"plain","optional":true},"options_selector":{"type":"bool","description_kind":"plain","optional":true},"type":{"type":"string","description":"Type of principal","description_kind":"plain","optional":true}},"block_types":{"backup_approver":{"nesting_mode":"list","block":{"attributes":{"guid":{"type":"string","description":"ID of the principal","description_kind":"plain","optional":true},"name":{"type":"string","description":"User or role name of the approver","description_kind":"plain","optional":true},"type":{"type":"string","description":"Type of principal","description_kind":"plain","optional":true}},"description_kind":"plain"},"max_items":1}},"description":"Workflow approvers","description_kind":"plain"}}},"description_kind":"plain"}},"centrify_authenticationprofile":{"version":0,"block":{"attributes":{"additional_data":{"type":["list",["object",{"number_of_questions":"number"}]],"description_kind":"plain","computed":true},"challenges":{"type":["list","string"],"description":"Authentication mechanisms for challenges","description_kind":"plain","computed":true},"id":{"type":"string","description_kind":"plain","optional":true,"computed":true},"name":{"type":"string","description":"The name of the authentication profile","description_kind":"plain","required":true},"pass_through_duration":{"type":"number","description":"Pass through duration of the authentication profile","description_kind":"plain","computed":true},"uuid":{"type":"string","description":"UUID of the authentication profile","description_kind":"plain","computed":true}},"description_kind":"plain"}},"centrify_cloudprovider":{"version":0,"block":{"attributes":{"cloud_account_id":{"type":"string","description":"Account ID of the cloud provider","description_kind":"plain","required":true},"default_profile_id":{"type":"string","description":"Default Root Account Login Profile (used if no conditions matched)","description_kind":"plain","computed":true},"description":{"type":"string","description":"Description of the cloud provider","description_kind":"plain","computed":true},"enable_interactive_password_rotation":{"type":"bool","description":"Enable interactive password rotation","description_kind":"plain","computed":true},"enable_password_rotation_reminders":{"type":"bool","description":"Enable password rotation reminders","description_kind":"plain","computed":true},"id":{"type":"string","description_kind":"plain","optional":true,"computed":true},"name":{"type":"string","description":"Name of the cloud provider","description_kind":"plain","required":true},"password_rotation_reminder_duration":{"type":"number","description":"Minimum number of days since last rotation to trigger a reminder","description_kind":"plain","computed":true},"prompt_change_root_password":{"type":"bool","description":"Prompt to change root password every login and password checkin","description_kind":"plain","computed":true},"type":{"type":"string","description":"Type of the cloud provider","description_kind":"plain","computed":true}},"block_types":{"challenge_rule":{"nesting_mode":"list","block":{"attributes":{"authentication_profile_id":{"type":"string","description":"Authentication Profile (if all conditions met)","description_kind":"plain","optional":true}},"block_types":{"rule":{"nesting_mode":"set","block":{"attributes":{"condition":{"type":"string","description_kind":"plain","required":true},"filter":{"type":"string","description_kind":"plain","required":true},"value":{"type":"string","description_kind":"plain","optional":true}},"description_kind":"plain"}}},"description":"Authentication rules","description_kind":"plain"}}},"description_kind":"plain"}},"centrify_connector":{"version":0,"block":{"attributes":{"ad_proxy":{"type":"string","description_kind":"plain","optional":true},"app_gateway":{"type":"string","description_kind":"plain","optional":true},"dns_host_name":{"type":"string","description_kind":"plain","optional":true},"forest":{"type":"string","description_kind":"plain","optional":true},"http_api_service":{"type":"string","description_kind":"plain","optional":true},"id":{"type":"string","description_kind":"plain","optional":true,"computed":true},"ldap_proxy":{"type":"string","description_kind":"plain","optional":true},"machine_name":{"type":"string","description_kind":"plain","optional":true},"name":{"type":"string","description":"Name of the Connector","description_kind":"plain","required":true},"online":{"type":"bool","description_kind":"plain","optional":true},"radius_external_service":{"type":"string","description_kind":"plain","optional":true},"radius_service":{"type":"string","description_kind":"plain","optional":true},"rdp_service":{"type":"string","description_kind":"plain","optional":true},"ssh_service":{"type":"string","description_kind":"plain","optional":true},"status":{"type":"string","description_kind":"plain","optional":true},"version":{"type":"string","description_kind":"plain","optional":true},"vm_identifier":{"type":"string","description_kind":"plain","optional":true},"vpc_identifier":{"type":"string","description_kind":"plain","optional":true}},"description_kind":"plain"}},"centrify_database":{"version":0,"block":{"attributes":{"allow_multiple_checkouts":{"type":"bool","description":"Allow multiple password checkouts for this database","description_kind":"plain","computed":true},"checkout_lifetime":{"type":"number","description":"Specifies the number of minutes that a checked out password is valid.","description_kind":"plain","optional":true},"connector_list":{"type":["set","string"],"description":"List of Connectors","description_kind":"plain","computed":true},"database_class":{"type":"string","description":"Type of the Database","description_kind":"plain","optional":true},"description":{"type":"string","description":"Description of the Database","description_kind":"plain","computed":true},"enable_password_history_cleanup":{"type":"bool","description":"Enable periodic password history cleanup","description_kind":"plain","computed":true},"enable_password_rotation":{"type":"bool","description":"Enable periodic password rotation","description_kind":"plain","computed":true},"enable_password_rotation_after_checkin":{"type":"bool","description":"Enable password rotation after checkin","description_kind":"plain","computed":true},"hostname":{"type":"string","description":"Hostname or IP address of the Database","description_kind":"plain","optional":true},"id":{"type":"string","description_kind":"plain","optional":true,"computed":true},"instance_name":{"type":"string","description":"Instance name of MS SQL Database","description_kind":"plain","optional":true},"minimum_password_age":{"type":"number","description":"Minimum Password Age (days)","description_kind":"plain","computed":true},"name":{"type":"string","description":"The name of the Database","description_kind":"plain","required":true},"password_historycleanup_duration":{"type":"number","description":"Password history cleanup (days)","description_kind":"plain","computed":true},"password_profile_id":{"type":"string","description":"Password complexity profile id","description_kind":"plain","computed":true},"password_rotate_interval":{"type":"number","description":"Password rotation interval (days)","description_kind":"plain","computed":true},"port":{"type":"number","description":"Port that used to connect to the Database","description_kind":"plain","computed":true},"service_name":{"type":"string","description":"Service name of Oracle database","description_kind":"plain","optional":true}},"description_kind":"plain"}},"centrify_desktopapp":{"version":0,"block":{"attributes":{"application_account_id":{"type":"string","description":"Host login credential account","description_kind":"plain","computed":true},"application_alias":{"type":"string","description":"The alias name of the published RemoteApp program","description_kind":"plain","computed":true},"application_host_id":{"type":"string","description":"Application host","description_kind":"plain","computed":true},"command_line":{"type":"string","description":"Command line","description_kind":"plain","computed":true},"command_parameter":{"type":["set",["object",{"name":"string","target_object_id":"string","type":"string","value":"string"}]],"description_kind":"plain","computed":true},"default_profile_id":{"type":"string","description":"Default authentication profile ID","description_kind":"plain","computed":true},"description":{"type":"string","description":"Description of the Web App","description_kind":"plain","computed":true},"id":{"type":"string","description_kind":"plain","optional":true,"computed":true},"login_credential_type":{"type":"string","description":"Host login credential type","description_kind":"plain","computed":true},"name":{"type":"string","description":"Name of the Desktop App","description_kind":"plain","required":true},"policy_script":{"type":"string","description":"Use script to specify authentication rules (configured rules are ignored)","description_kind":"plain","computed":true},"template_name":{"type":"string","description":"Template name of the Desktop App","description_kind":"plain","computed":true},"workflow_enabled":{"type":"bool","description_kind":"plain","computed":true}},"block_types":{"challenge_rule":{"nesting_mode":"list","block":{"attributes":{"authentication_profile_id":{"type":"string","description":"Authentication Profile (if all conditions met)","description_kind":"plain","optional":true}},"block_types":{"rule":{"nesting_mode":"set","block":{"attributes":{"condition":{"type":"string","description_kind":"plain","required":true},"filter":{"type":"string","description_kind":"plain","required":true},"value":{"type":"string","description_kind":"plain","optional":true}},"description_kind":"plain"}}},"description":"Authentication rules","description_kind":"plain"}},"workflow_approver":{"nesting_mode":"list","block":{"attributes":{"guid":{"type":"string","description":"ID of the principal","description_kind":"plain","optional":true},"name":{"type":"string","description":"User or role name of the approver","description_kind":"plain","optional":true},"no_manager_action":{"type":"string","description":"Type of principal","description_kind":"plain","optional":true},"options_selector":{"type":"bool","description_kind":"plain","optional":true},"type":{"type":"string","description":"Type of principal","description_kind":"plain","optional":true}},"block_types":{"backup_approver":{"nesting_mode":"list","block":{"attributes":{"guid":{"type":"string","description":"ID of the principal","description_kind":"plain","optional":true},"name":{"type":"string","description":"User or role name of the approver","description_kind":"plain","optional":true},"type":{"type":"string","description":"Type of principal","description_kind":"plain","optional":true}},"description_kind":"plain"},"max_items":1}},"description":"Workflow approvers","description_kind":"plain"}}},"description_kind":"plain"}},"centrify_directoryobject":{"version":0,"block":{"attributes":{"directory_services":{"type":["set","string"],"description":"List of UUID of directory services","description_kind":"plain","required":true},"display_name":{"type":"string","description":"Display name of the directory object","description_kind":"plain","optional":true,"computed":true},"distinguished_name":{"type":"string","description":"Distinguished name of the directory object","description_kind":"plain","optional":true,"computed":true},"forest":{"type":"string","description":"Forest name of the directory object","description_kind":"plain","optional":true,"computed":true},"id":{"type":"string","description_kind":"plain","optional":true,"computed":true},"name":{"type":"string","description":"Name of the directory object","description_kind":"plain","required":true},"object_type":{"type":"string","description":"Type of the directory object","description_kind":"plain","required":true},"system_name":{"type":"string","description":"UPN of the directory object","description_kind":"plain","optional":true,"computed":true}},"description_kind":"plain"}},"centrify_directoryservice":{"version":0,"block":{"attributes":{"id":{"type":"string","description_kind":"plain","optional":true,"computed":true},"name":{"type":"string","description":"Name of the Directory Service","description_kind":"plain","required":true},"status":{"type":"string","description":"Status of the Directory Service","description_kind":"plain","optional":true,"computed":true},"type":{"type":"string","description":"Type of the Directory Service","description_kind":"plain","required":true}},"description_kind":"plain"}},"centrify_domain":{"version":0,"block":{"attributes":{"administrative_account_id":{"type":"string","description":"ID of administrative account","description_kind":"plain","computed":true},"administrative_account_name":{"type":"string","description":"Name of administrative account","description_kind":"plain","optional":true,"computed":true},"administrative_account_password":{"type":"string","description":"Password of administrative account","description_kind":"plain","computed":true,"sensitive":true},"administrator_display_name":{"type":"string","description_kind":"plain","computed":true},"allow_multiple_checkouts":{"type":"bool","description":"Allow multiple password checkouts per AD account added for this domain","description_kind":"plain","computed":true},"auto_domain_account_maintenance":{"type":"bool","description":"Enable Automatic Domain Account Maintenance","description_kind":"plain","computed":true},"auto_local_account_maintenance":{"type":"bool","description":"Enable Automatic Local Account Maintenance","description_kind":"plain","computed":true},"checkout_lifetime":{"type":"number","description":"Checkout lifetime (minutes)","description_kind":"plain","computed":true},"connector_list":{"type":["set","string"],"description":"List of Connectors","description_kind":"plain","computed":true},"description":{"type":"string","description":"Description of the domain","description_kind":"plain","computed":true},"enable_password_history_cleanup":{"type":"bool","description":"Enable periodic password history cleanup","description_kind":"plain","computed":true},"enable_password_rotation":{"type":"bool","description":"Enable periodic password rotation","description_kind":"plain","computed":true},"enable_password_rotation_after_checkin":{"type":"bool","description":"Enable password rotation after checkin","description_kind":"plain","computed":true},"enable_zone_joined_check":{"type":"bool","description":"Enable periodic domain/zone joined check","description_kind":"plain","computed":true},"enable_zonerole_cleanup":{"type":"bool","description":"Enable periodic removal of expired zone role assignments","description_kind":"plain","computed":true},"enable_zonerole_workflow":{"type":"bool","description":"Enable zone role requests for this system","description_kind":"plain","computed":true},"forest_id":{"type":"string","description_kind":"plain","computed":true},"id":{"type":"string","description_kind":"plain","optional":true,"computed":true},"manual_domain_account_unlock":{"type":"bool","description":"Enable Manual Domain Account Unlock","description_kind":"plain","computed":true},"manual_local_account_unlock":{"type":"bool","description":"Enable Manual Local Account Unlock","description_kind":"plain","computed":true},"minimum_password_age":{"type":"number","description":"Minimum Password Age (days)","description_kind":"plain","computed":true},"name":{"type":"string","description":"Name of the domain","description_kind":"plain","required":true},"parent_id":{"type":"string","description_kind":"plain","computed":true},"password_historycleanup_duration":{"type":"number","description":"Password history cleanup (days)","description_kind":"plain","computed":true},"password_profile_id":{"type":"string","description":"Password complexity profile id","description_kind":"plain","computed":true},"password_rotate_interval":{"type":"number","description":"Password rotation interval (days)","description_kind":"plain","computed":true},"provisioning_admin_id":{"type":"string","description":"Provisioning Administrative Account ID (must be managed)","description_kind":"plain","computed":true},"reconciliation_account_name":{"type":"string","description":"Reconciliation account name","description_kind":"plain","computed":true},"zone_joined_check_interval":{"type":"number","description":"Domain/zone joined check interval (minutes)","description_kind":"plain","computed":true},"zonerole_cleanup_interval":{"type":"number","description":"Expired zone role assignment removal interval (hours)","description_kind":"plain","computed":true}},"block_types":{"assigned_zonerole":{"nesting_mode":"set","block":{"attributes":{"description":{"type":"string","description":"Description of the zone role","description_kind":"plain","optional":true},"name":{"type":"string","description":"Zone role name. In the format of \u003czone role name\u003e/\u003czone name\u003e","description_kind":"plain","required":true},"parent_zone_dn":{"type":"string","description":"DN of the parent zone","description_kind":"plain","optional":true},"unix":{"type":"bool","description":"The zone role is for Unix","description_kind":"plain","optional":true},"windows":{"type":"bool","description":"The zone role is for Windows","description_kind":"plain","optional":true},"zone_canonical_name":{"type":"string","description":"Cannoical name of the zone","description_kind":"plain","optional":true},"zone_description":{"type":"string","description":"Description of the zone","description_kind":"plain","optional":true},"zone_dn":{"type":"string","description":"Distinguished Name (DN) of the zone","description_kind":"plain","optional":true}},"description":"Zone Role","description_kind":"plain"}},"assigned_zonerole_approver":{"nesting_mode":"list","block":{"attributes":{"guid":{"type":"string","description":"ID of the principal","description_kind":"plain","optional":true},"name":{"type":"string","description":"User or role name of the approver","description_kind":"plain","optional":true},"no_manager_action":{"type":"string","description":"Type of principal","description_kind":"plain","optional":true},"options_selector":{"type":"bool","description_kind":"plain","optional":true},"type":{"type":"string","description":"Type of principal","description_kind":"plain","optional":true}},"block_types":{"backup_approver":{"nesting_mode":"list","block":{"attributes":{"guid":{"type":"string","description":"ID of the principal","description_kind":"plain","optional":true},"name":{"type":"string","description":"User or role name of the approver","description_kind":"plain","optional":true},"type":{"type":"string","description":"Type of principal","description_kind":"plain","optional":true}},"description_kind":"plain"},"max_items":1}},"description":"Workflow approvers","description_kind":"plain"}}},"description_kind":"plain"}},"centrify_federatedgroup":{"version":0,"block":{"attributes":{"id":{"type":"string","description_kind":"plain","optional":true,"computed":true},"name":{"type":"string","description":"Name of the federated group","description_kind":"plain","required":true}},"description_kind":"plain"}},"centrify_manualset":{"version":0,"block":{"attributes":{"description":{"type":"string","description":"Description of an manual set","description_kind":"plain","computed":true},"id":{"type":"string","description_kind":"plain","optional":true,"computed":true},"name":{"type":"string","description":"The name of the manual set","description_kind":"plain","required":true},"subtype":{"type":"string","description":"SubObjectType for application.","description_kind":"plain","optional":true},"type":{"type":"string","description":"Type of set","description_kind":"plain","required":true}},"description_kind":"plain"}},"centrify_multiplexedaccount":{"version":0,"block":{"attributes":{"account1":{"type":"string","description_kind":"plain","computed":true},"account1_id":{"type":"string","description_kind":"plain","computed":true},"account2":{"type":"string","description_kind":"plain","computed":true},"account2_id":{"type":"string","description_kind":"plain","computed":true},"accounts":{"type":["set","string"],"description_kind":"plain","computed":true},"active_account":{"type":"string","description_kind":"plain","computed":true},"description":{"type":"string","description":"Description of the multiplexed account","description_kind":"plain","computed":true},"id":{"type":"string","description_kind":"plain","optional":true,"computed":true},"name":{"type":"string","description":"The name of the multiplexed account","description_kind":"plain","required":true}},"description_kind":"plain"}},"centrify_passwordprofile":{"version":0,"block":{"attributes":{"at_least_one_digit":{"type":"bool","description":"At least one digit","description_kind":"plain","computed":true},"at_least_one_lowercase":{"type":"bool","description":"At least one lower-case alpha character","description_kind":"plain","computed":true},"at_least_one_special_char":{"type":"bool","description":"At least one special character","description_kind":"plain","computed":true},"at_least_one_uppercase":{"type":"bool","description":"At least one upper-case alpha character","description_kind":"plain","computed":true},"description":{"type":"string","description":"Description of password profile","description_kind":"plain","computed":true},"first_character_type":{"type":"string","description":"A leading alpha or alphanumeric character","description_kind":"plain","computed":true},"id":{"type":"string","description_kind":"plain","optional":true,"computed":true},"last_character_type":{"type":"string","description":"A trailing alpha or alphanumeric character","description_kind":"plain","computed":true},"maximum_char_occurrence_count":{"type":"number","description":"Maximum character occurrence count","description_kind":"plain","computed":true},"maximum_password_length":{"type":"number","description":"Maximum password length","description_kind":"plain","computed":true},"minimum_alphabetic_character_count":{"type":"number","description":"Min number of alpha characters","description_kind":"plain","computed":true},"minimum_non_alphabetic_character_count":{"type":"number","description":"Min number of non-alpha characters","description_kind":"plain","computed":true},"minimum_password_length":{"type":"number","description":"Minimum password length","description_kind":"plain","computed":true},"name":{"type":"string","description":"The name of password profile","description_kind":"plain","required":true},"no_consecutive_repeated_char":{"type":"bool","description":"No consecutive repeated characters","description_kind":"plain","computed":true},"profile_type":{"type":"string","description":"The type of password profile","description_kind":"plain","optional":true},"special_charset":{"type":"string","description":"Special Characters","description_kind":"plain","computed":true}},"description_kind":"plain"}},"centrify_policy":{"version":0,"block":{"attributes":{"description":{"type":"string","description":"Description of the policy","description_kind":"plain","computed":true},"id":{"type":"string","description_kind":"plain","optional":true,"computed":true},"link_type":{"type":"string","description":"Link type of the policy","description_kind":"plain","computed":true},"name":{"type":"string","description":"The name of the policy","description_kind":"plain","required":true},"policy_assignment":{"type":["set","string"],"description":"List of roles or sets assigned to the policy","description_kind":"plain","computed":true},"settings":{"type":["list",["object",{"account_set":["list",["object",{"access_secret_checkout_dfault_profile_id":"string","access_secret_checkout_rule":["list",["object",{"authentication_profile_id":"string","rule":["set",["object",{"condition":"string","filter":"string","value":"string"}]]}]],"challenge_rule":["list",["object",{"authentication_profile_id":"string","rule":["set",["object",{"condition":"string","filter":"string","value":"string"}]]}]],"checkout_lifetime":"number","default_profile_id":"string"}]],"centrify_client":["list",["object",{"allow_no_mfa_mech":"bool","authentication_enabled":"bool","challenge_rule":["list",["object",{"authentication_profile_id":"string","rule":["set",["object",{"condition":"string","filter":"string","value":"string"}]]}]],"default_profile_id":"string"}]],"centrify_css_elevation":["list",["object",{"authentication_enabled":"bool","challenge_rule":["list",["object",{"authentication_profile_id":"string","rule":["set",["object",{"condition":"string","filter":"string","value":"string"}]]}]],"default_profile_id":"string"}]],"centrify_css_server":["list",["object",{"authentication_enabled":"bool","challenge_rule":["list",["object",{"authentication_profile_id":"string","rule":["set",["object",{"condition":"string","filter":"string","value":"string"}]]}]],"default_profile_id":"string","pass_through_mode":"number"}]],"centrify_css_workstation":["list",["object",{"authentication_enabled":"bool","challenge_rule":["list",["object",{"authentication_profile_id":"string","rule":["set",["object",{"condition":"string","filter":"string","value":"string"}]]}]],"default_profile_id":"string"}]],"centrify_services":["list",["object",{"allow_iwa":"bool","allow_no_mfa_mech":"bool","allow_session_persist":"bool","auth_rule_federated":"bool","authentication_enabled":"bool","block_auth_from_same_device":"bool","certauth_satisfies_all":"bool","certauth_set_cookie":"bool","certauth_skip_challenge":"bool","challenge_rule":["list",["object",{"authentication_profile_id":"string","rule":["set",["object",{"condition":"string","filter":"string","value":"string"}]]}]],"continue_failed_sessions":"bool","default_profile_id":"string","default_session_persist":"bool","federated_satisfies_all":"bool","iwa_satisfies_all":"bool","iwa_set_cookie":"bool","persist_session_lifespan":"number","remember_last_factor":"bool","session_lifespan":"number","stop_auth_on_prev_failed":"bool","use_certauth":"bool"}]],"cloudproviders_set":["list",["object",{"challenge_rule":["list",["object",{"authentication_profile_id":"string","rule":["set",["object",{"condition":"string","filter":"string","value":"string"}]]}]],"default_profile_id":"string","enable_interactive_password_rotation":"bool","enable_password_rotation_reminders":"bool","password_rotation_reminder_duration":"number","prompt_change_root_password":"bool"}]],"database_set":["list",["object",{"allow_multiple_checkouts":"bool","checkout_lifetime":"number","enable_password_history_cleanup":"bool","enable_password_rotation":"bool","enable_password_rotation_after_checkin":"bool","minimum_password_age":"number","password_historycleanup_duration":"number","password_rotate_interval":"number"}]],"domain_set":["list",["object",{"allow_multiple_checkouts":"bool","checkout_lifetime":"number","enable_password_history_cleanup":"bool","enable_password_rotation":"bool","enable_password_rotation_after_checkin":"bool","minimum_password_age":"number","password_historycleanup_duration":"number","password_rotate_interval":"number"}]],"mobile_device":["list",["object",{"allow_enrollment":"bool","allow_fallback_pin":"bool","allow_notify_multi_devices":"bool","auto_lock_timeout":"number","enable_debug":"bool","enable_invite_enrollment":"bool","force_fingerprint":"bool","location_tracking":"bool","lock_app_on_exit":"bool","permit_non_compliant_device":"bool","require_passcode":"bool"}]],"oath_otp":["list",["object",{"allow_otp":"bool"}]],"password_settings":["list",["object",{"allow_include_displayname":"bool","allow_include_username":"bool","bad_attempt_threshold":"number","capture_window":"number","check_weak_password":"bool","complexity_hint":"string","expire_hard_notification":"number","expire_notification_mobile":"bool","expire_soft_notification":"number","lockout_duration":"number","max_age_in_days":"number","max_length":"number","min_age_in_days":"number","min_length":"number","no_of_repeated_char_allowed":"number","password_history":"number","require_digit":"bool","require_mix_case":"bool","require_symbol":"bool","require_unicode":"bool","show_password_complexity":"bool"}]],"radius":["list",["object",{"allow_external_radius":"bool","allow_radius":"bool","default_profile_id":"string","require_challenges":"bool","send_vendor_attributes":"bool"}]],"secret_set":["list",["object",{"challenge_rule":["list",["object",{"authentication_profile_id":"string","rule":["set",["object",{"condition":"string","filter":"string","value":"string"}]]}]],"default_profile_id":"string"}]],"self_service":["list",["object",{"account_selfservice_enabled":"bool","account_unlock_enabled":"bool","ad_admin_user":"string","admin_user_password":["list",["object",{"type":"string","value":"string"}]],"login_after_reset":"bool","max_reset_allowed":"number","max_reset_attempts":"number","max_time_allowed":"number","password_reset_enabled":"bool","pwreset_allow_for_aduser":"bool","pwreset_auth_profile_id":"string","pwreset_with_cookie_only":"bool","show_locked_message":"bool","unlock_allow_for_aduser":"bool","unlock_auth_profile_id":"string","unlock_with_cookie_only":"bool","use_ad_admin":"bool"}]],"sshkey_set":["list",["object",{"challenge_rule":["list",["object",{"authentication_profile_id":"string","rule":["set",["object",{"condition":"string","filter":"string","value":"string"}]]}]],"default_profile_id":"string"}]],"system_set":["list",["object",{"allow_multiple_checkouts":"bool","allow_rdp_clipboard":"bool","allow_remote_access":"bool","challenge_rule":["list",["object",{"authentication_profile_id":"string","rule":["set",["object",{"condition":"string","filter":"string","value":"string"}]]}]],"checkout_lifetime":"number","default_profile_id":"string","enable_password_history_cleanup":"bool","enable_password_rotation":"bool","enable_password_rotation_after_checkin":"bool","enable_sshkey_history_cleanup":"bool","enable_sshkey_rotation":"bool","local_account_automatic_maintenance":"bool","local_account_manual_unlock":"bool","minimum_password_age":"number","minimum_sshkey_age":"number","password_historycleanup_duration":"number","password_rotate_interval":"number","privilege_elevation_default_profile_id":"string","privilege_elevation_rule":["list",["object",{"authentication_profile_id":"string","rule":["set",["object",{"condition":"string","filter":"string","value":"string"}]]}]],"remove_user_on_session_end":"bool","sshkey_algorithm":"string","sshkey_historycleanup_duration":"number","sshkey_rotate_interval":"number"}]],"user_account":["list",["object",{"admin_defined_questions":"number","allow_mfa_redirect_change":"bool","allow_phone_pin_change":"bool","allow_user_change_password":"bool","configure_security_questions":"bool","default_language":"string","fido2_auth_profile_id":"string","fido2_prompt":"string","min_char_in_answer":"number","min_phone_pin_length":"number","otp_auth_profile_id":"string","otp_prompt":"string","password_change_auth_profile_id":"string","phone_pin_auth_profile_id":"string","prevent_dup_answers":"bool","question_auth_profile_id":"string","show_fido2":"bool","show_otp":"bool","user_defined_questions":"number","user_profile_auth_profile_id":"string"}]]}]],"description_kind":"plain","computed":true}},"description_kind":"plain"}},"centrify_role":{"version":0,"block":{"attributes":{"adminrights":{"type":["set","string"],"description_kind":"plain","computed":true},"description":{"type":"string","description":"Description of an role","description_kind":"plain","computed":true},"id":{"type":"string","description_kind":"plain","optional":true,"computed":true},"name":{"type":"string","description":"Name of the role","description_kind":"plain","required":true}},"block_types":{"member":{"nesting_mode":"set","block":{"attributes":{"id":{"type":"string","description":"ID of the member","description_kind":"plain","computed":true},"name":{"type":"string","description":"Name of the member","description_kind":"plain","computed":true},"type":{"type":"string","description":"Type of the member","description_kind":"plain","computed":true}},"description_kind":"plain"}}},"description_kind":"plain"}},"centrify_secret":{"version":0,"block":{"attributes":{"checkout":{"type":"bool","description":"Whether to retrieve secret content","description_kind":"plain","optional":true},"default_profile_id":{"type":"string","description":"Default Secret Challenge Profile (used if no conditions matched)","description_kind":"plain","computed":true},"description":{"type":"string","description":"Description of the secret","description_kind":"plain","computed":true},"folder_id":{"type":"string","description":"ID of the folder where the secret is located","description_kind":"plain","computed":true},"id":{"type":"string","description_kind":"plain","optional":true,"computed":true},"parent_path":{"type":"string","description":"Path of parent folder","description_kind":"plain","optional":true},"secret_name":{"type":"string","description":"Name of the secret","description_kind":"plain","required":true},"secret_text":{"type":"string","description":"Content of the secret","description_kind":"plain","computed":true,"sensitive":true},"type":{"type":"string","description":"Either Text or File","description_kind":"plain","computed":true},"workflow_enabled":{"type":"bool","description_kind":"plain","computed":true}},"block_types":{"challenge_rule":{"nesting_mode":"list","block":{"attributes":{"authentication_profile_id":{"type":"string","description":"Authentication Profile (if all conditions met)","description_kind":"plain","optional":true}},"block_types":{"rule":{"nesting_mode":"set","block":{"attributes":{"condition":{"type":"string","description_kind":"plain","required":true},"filter":{"type":"string","description_kind":"plain","required":true},"value":{"type":"string","description_kind":"plain","optional":true}},"description_kind":"plain"}}},"description":"Authentication rules","description_kind":"plain"}},"workflow_approver":{"nesting_mode":"list","block":{"attributes":{"guid":{"type":"string","description":"ID of the principal","description_kind":"plain","optional":true},"name":{"type":"string","description":"User or role name of the approver","description_kind":"plain","optional":true},"no_manager_action":{"type":"string","description":"Type of principal","description_kind":"plain","optional":true},"options_selector":{"type":"bool","description_kind":"plain","optional":true},"type":{"type":"string","description":"Type of principal","description_kind":"plain","optional":true}},"block_types":{"backup_approver":{"nesting_mode":"list","block":{"attributes":{"guid":{"type":"string","description":"ID of the principal","description_kind":"plain","optional":true},"name":{"type":"string","description":"User or role name of the approver","description_kind":"plain","optional":true},"type":{"type":"string","description":"Type of principal","description_kind":"plain","optional":true}},"description_kind":"plain"},"max_items":1}},"description":"Workflow approvers","description_kind":"plain"}}},"description_kind":"plain"}},"centrify_secretfolder":{"version":0,"block":{"attributes":{"default_profile_id":{"type":"string","description":"Default Secret Challenge Profile (used if no conditions matched)","description_kind":"plain","computed":true},"description":{"type":"string","description":"Description of an secret folder","description_kind":"plain","computed":true},"id":{"type":"string","description_kind":"plain","optional":true,"computed":true},"name":{"type":"string","description":"The name of the secret folder","description_kind":"plain","required":true},"parent_id":{"type":"string","description":"Parent folder ID of an secret folder","description_kind":"plain","computed":true},"parent_path":{"type":"string","description":"Parent folder path of an secret folder","description_kind":"plain","optional":true}},"block_types":{"challenge_rule":{"nesting_mode":"list","block":{"attributes":{"authentication_profile_id":{"type":"string","description":"Authentication Profile (if all conditions met)","description_kind":"plain","optional":true}},"block_types":{"rule":{"nesting_mode":"set","block":{"attributes":{"condition":{"type":"string","description_kind":"plain","required":true},"filter":{"type":"string","description_kind":"plain","required":true},"value":{"type":"string","description_kind":"plain","optional":true}},"description_kind":"plain"}}},"description":"Authentication rules","description_kind":"plain"}}},"description_kind":"plain"}},"centrify_service":{"version":0,"block":{"attributes":{"admin_account_id":{"type":"string","description":"Administrative account id that used to manage the password for the service","description_kind":"plain","computed":true},"days_of_week":{"type":["set","string"],"description":"Day of the week restart allowed","description_kind":"plain","computed":true},"description":{"type":"string","description":"Description of the service","description_kind":"plain","computed":true},"enable_management":{"type":"bool","description":"Enable management of this service password","description_kind":"plain","computed":true},"id":{"type":"string","description_kind":"plain","optional":true,"computed":true},"multiplexed_account_id":{"type":"string","description":"The multiplexed account id to run the service","description_kind":"plain","computed":true},"restart_end_time":{"type":"string","description":"End time of the time range restart is allowed","description_kind":"plain","computed":true},"restart_service":{"type":"bool","description":"Restart Service when password is rotated","description_kind":"plain","computed":true},"restart_start_time":{"type":"string","description":"Start time of the time range restart is allowed","description_kind":"plain","computed":true},"restart_time_restriction":{"type":"bool","description":"Enforce restart time restrictions","description_kind":"plain","computed":true},"service_name":{"type":"string","description":"The name of the service to be managed.","description_kind":"plain","required":true},"service_type":{"type":"string","description_kind":"plain","computed":true},"system_id":{"type":"string","description":"The target system id where the service runs","description_kind":"plain","computed":true},"use_utc_time":{"type":"bool","description":"Whether to use UTC time","description_kind":"plain","computed":true}},"description_kind":"plain"}},"centrify_sshkey":{"version":0,"block":{"attributes":{"checkout":{"type":"bool","description":"Whether to retrieve SSH Key","description_kind":"plain","optional":true},"default_profile_id":{"type":"string","description":"Default SSH Key Challenge Profile","description_kind":"plain","computed":true},"description":{"type":"string","description_kind":"plain","computed":true},"id":{"type":"string","description_kind":"plain","optional":true,"computed":true},"key_format":{"type":"string","description":"KeyFormat to retrieve the key in - only works for PublicKey","description_kind":"plain","optional":true},"key_pair_type":{"type":"string","description":"Which key to retrieve from the pair, must be either PublicKey, PrivateKey, or PPK","description_kind":"plain","required":true},"key_type":{"type":"string","description_kind":"plain","optional":true,"computed":true},"name":{"type":"string","description":"Name of the ssh key","description_kind":"plain","required":true},"passphrase":{"type":"string","description":"Passphrase to use for decrypting the PrivateKey","description_kind":"plain","optional":true,"sensitive":true},"ssh_key":{"type":"string","description":"Content of the SSH Key","description_kind":"plain","optional":true,"sensitive":true}},"block_types":{"challenge_rule":{"nesting_mode":"list","block":{"attributes":{"authentication_profile_id":{"type":"string","description":"Authentication Profile (if all conditions met)","description_kind":"plain","optional":true}},"block_types":{"rule":{"nesting_mode":"set","block":{"attributes":{"condition":{"type":"string","description_kind":"plain","required":true},"filter":{"type":"string","description_kind":"plain","required":true},"value":{"type":"string","description_kind":"plain","optional":true}},"description_kind":"plain"}}},"description":"Authentication rules","description_kind":"plain"}}},"description_kind":"plain"}},"centrify_system":{"version":0,"block":{"attributes":{"agent_auth_workflow_enabled":{"type":"bool","description_kind":"plain","computed":true},"allow_multiple_checkouts":{"type":"bool","description":"Allow multiple password checkouts for this system","description_kind":"plain","computed":true},"allow_rdp_clipboard":{"type":"bool","description":"Allow RDP client to sync local clipboard with remote session","description_kind":"plain","computed":true},"allow_remote_access":{"type":"bool","description":"Allow access from a public network (web client only)","description_kind":"plain","computed":true},"checkout_lifetime":{"type":"number","description":"Specifies the number of minutes that a checked out password is valid.","description_kind":"plain","computed":true},"computer_class":{"type":"string","description":"Type of the system","description_kind":"plain","optional":true},"connector_list":{"type":["set","string"],"description":"List of Connectors","description_kind":"plain","computed":true},"default_profile_id":{"type":"string","description":"Default System Login Profile (used if no conditions matched)","description_kind":"plain","computed":true},"description":{"type":"string","description":"Description of the system","description_kind":"plain","computed":true},"domain_id":{"type":"string","description":"AD domain that this system belongs to","description_kind":"plain","computed":true},"enable_password_history_cleanup":{"type":"bool","description":"Enable periodic password history cleanup","description_kind":"plain","computed":true},"enable_password_rotation":{"type":"bool","description":"Enable periodic password rotation","description_kind":"plain","computed":true},"enable_password_rotation_after_checkin":{"type":"bool","description":"Enable password rotation after checkin","description_kind":"plain","computed":true},"enable_sshkey_history_cleanup":{"type":"bool","description":"Enable periodic SSH key history cleanup","description_kind":"plain","computed":true},"enable_sshkey_rotation":{"type":"bool","description":"Enable periodic SSH key rotation","description_kind":"plain","computed":true},"enable_zonerole_workflow":{"type":"bool","description":"Enable zone role requests for this system","description_kind":"plain","computed":true},"fqdn":{"type":"string","description":"Hostname or IP address of the system","description_kind":"plain","required":true},"id":{"type":"string","description_kind":"plain","optional":true,"computed":true},"local_account_automatic_maintenance":{"type":"bool","description":"Local Account Automatic Maintenance","description_kind":"plain","computed":true},"local_account_manual_unlock":{"type":"bool","description":"Local Account Manual Unlock","description_kind":"plain","computed":true},"management_mode":{"type":"string","description":"Management mode of the system. For Windows only","description_kind":"plain","optional":true,"computed":true},"management_port":{"type":"number","description":"Management port for account management. For Windows, F5, PAN-OS and VMKernel only","description_kind":"plain","computed":true},"minimum_password_age":{"type":"number","description":"Minimum Password Age (days)","description_kind":"plain","computed":true},"minimum_sshkey_age":{"type":"number","description":"Minimum SSH Key Age (days)","description_kind":"plain","computed":true},"name":{"type":"string","description":"The name of the system","description_kind":"plain","required":true},"password_historycleanup_duration":{"type":"number","description":"Password history cleanup (days)","description_kind":"plain","computed":true},"password_profile_id":{"type":"string","description":"Password complexity profile id","description_kind":"plain","computed":true},"password_rotate_interval":{"type":"number","description":"Password rotation interval (days)","description_kind":"plain","computed":true},"port":{"type":"number","description":"Port that used to connect to the system","description_kind":"plain","computed":true},"privilege_elevation_default_profile_id":{"type":"string","description":"Default Privilege Elevation Profile (used if no conditions matched)","description_kind":"plain","computed":true},"privilege_elevation_workflow_enabled":{"type":"bool","description_kind":"plain","computed":true},"proxyuser":{"type":"string","description_kind":"plain","computed":true},"proxyuser_managed":{"type":"bool","description_kind":"plain","computed":true},"proxyuser_password":{"type":"string","description_kind":"plain","computed":true,"sensitive":true},"remove_user_on_session_end":{"type":"bool","description":"Remove local accounts upon session termination - Windows only ","description_kind":"plain","optional":true},"session_type":{"type":"string","description":"Login session type that the system supports","description_kind":"plain","computed":true},"sshkey_algorithm":{"type":"string","description":"SSH Key Generation Algorithm","description_kind":"plain","computed":true},"sshkey_historycleanup_duration":{"type":"number","description":"SSH key history cleanup (days)","description_kind":"plain","computed":true},"sshkey_rotate_interval":{"type":"number","description":"SSH key rotation interval (days)","description_kind":"plain","computed":true},"status":{"type":"string","description_kind":"plain","computed":true},"system_timezone":{"type":"string","description":"System time zone","description_kind":"plain","optional":true,"computed":true},"use_domain_assignment_for_zonerole_approvers":{"type":"bool","description":"Approver list - Use domain assignments","description_kind":"plain","computed":true},"use_domain_assignment_for_zoneroles":{"type":"bool","description":"Assignable Zone Roles - Use domain assignments","description_kind":"plain","computed":true},"use_domainadmin_for_zonerole_workflow":{"type":"bool","description":"Use Domain Administrator Account for Zone Role Workflow operations","description_kind":"plain","computed":true},"use_my_account":{"type":"bool","description":"Enable Use My Account","description_kind":"plain","optional":true}},"block_types":{"agent_auth_workflow_approver":{"nesting_mode":"list","block":{"attributes":{"guid":{"type":"string","description":"ID of the principal","description_kind":"plain","optional":true},"name":{"type":"string","description":"User or role name of the approver","description_kind":"plain","optional":true},"no_manager_action":{"type":"string","description":"Type of principal","description_kind":"plain","optional":true},"options_selector":{"type":"bool","description_kind":"plain","optional":true},"type":{"type":"string","description":"Type of principal","description_kind":"plain","optional":true}},"block_types":{"backup_approver":{"nesting_mode":"list","block":{"attributes":{"guid":{"type":"string","description":"ID of the principal","description_kind":"plain","optional":true},"name":{"type":"string","description":"User or role name of the approver","description_kind":"plain","optional":true},"type":{"type":"string","description":"Type of principal","description_kind":"plain","optional":true}},"description_kind":"plain"},"max_items":1}},"description":"Workflow approvers","description_kind":"plain"}},"assigned_zonerole":{"nesting_mode":"set","block":{"attributes":{"description":{"type":"string","description":"Description of the zone role","description_kind":"plain","optional":true},"name":{"type":"string","description":"Zone role name. In the format of \u003czone role name\u003e/\u003czone name\u003e","description_kind":"plain","required":true},"parent_zone_dn":{"type":"string","description":"DN of the parent zone","description_kind":"plain","optional":true},"unix":{"type":"bool","description":"The zone role is for Unix","description_kind":"plain","optional":true},"windows":{"type":"bool","description":"The zone role is for Windows","description_kind":"plain","optional":true},"zone_canonical_name":{"type":"string","description":"Cannoical name of the zone","description_kind":"plain","optional":true},"zone_description":{"type":"string","description":"Description of the zone","description_kind":"plain","optional":true},"zone_dn":{"type":"string","description":"Distinguished Name (DN) of the zone","description_kind":"plain","optional":true}},"description":"Zone Role","description_kind":"plain"}},"assigned_zonerole_approver":{"nesting_mode":"list","block":{"attributes":{"guid":{"type":"string","description":"ID of the principal","description_kind":"plain","optional":true},"name":{"type":"string","description":"User or role name of the approver","description_kind":"plain","optional":true},"no_manager_action":{"type":"string","description":"Type of principal","description_kind":"plain","optional":true},"options_selector":{"type":"bool","description_kind":"plain","optional":true},"type":{"type":"string","description":"Type of principal","description_kind":"plain","optional":true}},"block_types":{"backup_approver":{"nesting_mode":"list","block":{"attributes":{"guid":{"type":"string","description":"ID of the principal","description_kind":"plain","optional":true},"name":{"type":"string","description":"User or role name of the approver","description_kind":"plain","optional":true},"type":{"type":"string","description":"Type of principal","description_kind":"plain","optional":true}},"description_kind":"plain"},"max_items":1}},"description":"Workflow approvers","description_kind":"plain"}},"challenge_rule":{"nesting_mode":"list","block":{"attributes":{"authentication_profile_id":{"type":"string","description":"Authentication Profile (if all conditions met)","description_kind":"plain","optional":true}},"block_types":{"rule":{"nesting_mode":"set","block":{"attributes":{"condition":{"type":"string","description_kind":"plain","required":true},"filter":{"type":"string","description_kind":"plain","required":true},"value":{"type":"string","description_kind":"plain","optional":true}},"description_kind":"plain"}}},"description":"Authentication rules","description_kind":"plain"}},"privilege_elevation_rule":{"nesting_mode":"list","block":{"attributes":{"authentication_profile_id":{"type":"string","description":"Authentication Profile (if all conditions met)","description_kind":"plain","optional":true}},"block_types":{"rule":{"nesting_mode":"set","block":{"attributes":{"condition":{"type":"string","description_kind":"plain","required":true},"filter":{"type":"string","description_kind":"plain","required":true},"value":{"type":"string","description_kind":"plain","optional":true}},"description_kind":"plain"}}},"description":"Authentication rules","description_kind":"plain"}},"privilege_elevation_workflow_approver":{"nesting_mode":"list","block":{"attributes":{"guid":{"type":"string","description":"ID of the principal","description_kind":"plain","optional":true},"name":{"type":"string","description":"User or role name of the approver","description_kind":"plain","optional":true},"no_manager_action":{"type":"string","description":"Type of principal","description_kind":"plain","optional":true},"options_selector":{"type":"bool","description_kind":"plain","optional":true},"type":{"type":"string","description":"Type of principal","description_kind":"plain","optional":true}},"block_types":{"backup_approver":{"nesting_mode":"list","block":{"attributes":{"guid":{"type":"string","description":"ID of the principal","description_kind":"plain","optional":true},"name":{"type":"string","description":"User or role name of the approver","description_kind":"plain","optional":true},"type":{"type":"string","description":"Type of principal","description_kind":"plain","optional":true}},"description_kind":"plain"},"max_items":1}},"description":"Workflow approvers","description_kind":"plain"}}},"description_kind":"plain"}},"centrify_user":{"version":0,"block":{"attributes":{"description":{"type":"string","description":"Description of the user","description_kind":"plain","computed":true},"displayname":{"type":"string","description":"Display name","description_kind":"plain","computed":true},"email":{"type":"string","description":"Email address","description_kind":"plain","computed":true},"force_password_change_next":{"type":"bool","description":"Require password change at next login","description_kind":"plain","computed":true},"home_number":{"type":"string","description_kind":"plain","computed":true},"id":{"type":"string","description_kind":"plain","optional":true,"computed":true},"manager_username":{"type":"string","description":"Username of the manager","description_kind":"plain","computed":true},"mobile_number":{"type":"string","description_kind":"plain","computed":true},"oauth_client":{"type":"bool","description":"Is OAuth confidential client","description_kind":"plain","computed":true},"office_number":{"type":"string","description_kind":"plain","computed":true},"password_never_expire":{"type":"bool","description":"Password never expires","description_kind":"plain","computed":true},"redirect_mfa_user_id":{"type":"string","description":"Redirect multi factor authentication to a different user account (UUID value)","description_kind":"plain","computed":true},"send_email_invite":{"type":"bool","description":"Send email invite for user profile setup","description_kind":"plain","computed":true},"username":{"type":"string","description":"The username in loginid@suffix format","description_kind":"plain","required":true}},"description_kind":"plain"}},"centrify_webapp_generic":{"version":0,"block":{"attributes":{"additional_login_field":{"type":"string","description":"The CSS Selector for any Additional Login Field required to login besides username and password, such as Company name or Agency ID. For example, the selector could be input#login-company-id. This entry is required only if there is an additional login field besides username and password.","description_kind":"plain","computed":true},"additional_login_field_value":{"type":"string","description":"The value for the Additional Login Field. For example, if there is an additional login field for the company name, enter the company name here. This entry is required if Additional Login Field is set.","description_kind":"plain","computed":true},"default_profile_id":{"type":"string","description":"Default authentication profile ID","description_kind":"plain","computed":true},"description":{"type":"string","description":"Description of the Web App","description_kind":"plain","computed":true},"form_field":{"type":"string","description":"The CSS Selector for the form field of the login form, for example, form#loginForm.","description_kind":"plain","computed":true},"hostname_suffix":{"type":"string","description":"The host name suffix for the url of the login form, for example, acme.com.","description_kind":"plain","computed":true},"id":{"type":"string","description_kind":"plain","optional":true,"computed":true},"name":{"type":"string","description":"Name of the Web App","description_kind":"plain","required":true},"order":{"type":"string","description":"Use this field to specify the order of login if it is not username, password and submit.","description_kind":"plain","optional":true},"password":{"type":"string","description":"Password for all user share one name","description_kind":"plain","computed":true,"sensitive":true},"password_field":{"type":"string","description":"The CSS Selector for the password field in the login form, for example, input#login-password.","description_kind":"plain","computed":true},"policy_script":{"type":"string","description":"Use script to specify authentication rules (configured rules are ignored)","description_kind":"plain","computed":true},"script":{"type":"string","description":"Script to log the user in to this application","description_kind":"plain","computed":true},"selector_timeout":{"type":"number","description":"Use this field to indicate the number of milliseconds to wait for the expected input selectors to load before timing out on failure. A zero or negative number means no timeout.","description_kind":"plain","computed":true},"submit_field":{"type":"string","description":"The CSS Selector for the Submit button in the login form, for example, input#login-button. This entry is optional. It is required only if you cannot submit the form by pressing the enter key.","description_kind":"plain","computed":true},"template_name":{"type":"string","description":"Template name of the Web App","description_kind":"plain","computed":true},"url":{"type":"string","description_kind":"plain","computed":true},"use_ad_login_pw":{"type":"bool","description":"Use the login password supplied by the user (Active Directory users only)","description_kind":"plain","computed":true},"use_ad_login_pw_by_script":{"type":"bool","description":"Use the login password supplied by the user for account mapping script (Active Directory users only)","description_kind":"plain","computed":true},"user_map_script":{"type":"string","description":"Account mapping script","description_kind":"plain","computed":true},"username":{"type":"string","description":"All users share the user name. Applicable if 'username_strategy' is 'Fixed'","description_kind":"plain","computed":true},"username_field":{"type":"string","description":"The CSS Selector for the user name field in the login form, for example, input#login-username.","description_kind":"plain","computed":true},"username_strategy":{"type":"string","description":"Account mapping","description_kind":"plain","computed":true},"workflow_enabled":{"type":"bool","description_kind":"plain","computed":true}},"block_types":{"challenge_rule":{"nesting_mode":"list","block":{"attributes":{"authentication_profile_id":{"type":"string","description":"Authentication Profile (if all conditions met)","description_kind":"plain","optional":true}},"block_types":{"rule":{"nesting_mode":"set","block":{"attributes":{"condition":{"type":"string","description_kind":"plain","required":true},"filter":{"type":"string","description_kind":"plain","required":true},"value":{"type":"string","description_kind":"plain","optional":true}},"description_kind":"plain"}}},"description":"Authentication rules","description_kind":"plain"}},"workflow_approver":{"nesting_mode":"list","block":{"attributes":{"guid":{"type":"string","description":"ID of the principal","description_kind":"plain","optional":true},"name":{"type":"string","description":"User or role name of the approver","description_kind":"plain","optional":true},"no_manager_action":{"type":"string","description":"Type of principal","description_kind":"plain","optional":true},"options_selector":{"type":"bool","description_kind":"plain","optional":true},"type":{"type":"string","description":"Type of principal","description_kind":"plain","optional":true}},"block_types":{"backup_approver":{"nesting_mode":"list","block":{"attributes":{"guid":{"type":"string","description":"ID of the principal","description_kind":"plain","optional":true},"name":{"type":"string","description":"User or role name of the approver","description_kind":"plain","optional":true},"type":{"type":"string","description":"Type of principal","description_kind":"plain","optional":true}},"description_kind":"plain"},"max_items":1}},"description":"Workflow approvers","description_kind":"plain"}}},"description_kind":"plain"}},"centrify_webapp_oauth":{"version":0,"block":{"attributes":{"application_id":{"type":"string","description":"Application ID. Specify the name or 'target' that the mobile application uses to find this application.","description_kind":"plain","required":true},"description":{"type":"string","description":"Description of the Web App","description_kind":"plain","computed":true},"id":{"type":"string","description_kind":"plain","optional":true,"computed":true},"name":{"type":"string","description":"Name of the Web App","description_kind":"plain","required":true},"oidc_script":{"type":"string","description_kind":"plain","optional":true,"computed":true},"script":{"type":"string","description":"Script to customize JWT token creation for this application","description_kind":"plain","computed":true},"template_name":{"type":"string","description":"Template name of the Web App","description_kind":"plain","computed":true}},"block_types":{"oauth_profile":{"nesting_mode":"list","block":{"attributes":{"allow_refresh":{"type":"bool","description":"Issue refresh tokens","description_kind":"plain","optional":true},"allow_scope_select":{"type":"bool","description":"Allow scope selection","description_kind":"plain","optional":true},"allowed_auth":{"type":["set","string"],"description":"Authentication methods","description_kind":"plain","required":true},"allowed_clients":{"type":["set","string"],"description":"Allowed clients","description_kind":"plain","optional":true},"audience":{"type":"string","description":"OAuth server audience","description_kind":"plain","optional":true},"clientid_type":{"type":"number","description":"ClientID type","description_kind":"plain","required":true},"confirm_authorization":{"type":"bool","description":"User must confirm authorization request","description_kind":"plain","optional":true},"issuer":{"type":"string","description":"OAuth server issuer","description_kind":"plain","optional":true},"must_oauth_client":{"type":"bool","description":"Must be OAuth Client","description_kind":"plain","optional":true},"redirects":{"type":["set","string"],"description":"Redirects","description_kind":"plain","optional":true},"refresh_lifetime":{"type":"string","description":"Refresh token lifetime","description_kind":"plain","optional":true},"target_is_us":{"type":"bool","description_kind":"plain","optional":true},"token_lifetime":{"type":"string","description":"Token lifetime","description_kind":"plain","required":true},"token_type":{"type":"string","description":"ClientID type","description_kind":"plain","required":true}},"block_types":{"scope":{"nesting_mode":"set","block":{"attributes":{"allowed_rest_apis":{"type":["set","string"],"description":"Allowed REST APIs","description_kind":"plain","optional":true},"description":{"type":"string","description_kind":"plain","optional":true},"name":{"type":"string","description_kind":"plain","required":true}},"description":"Scope definitions","description_kind":"plain"}}},"description_kind":"plain"},"max_items":1}},"description_kind":"plain"}},"centrify_webapp_oidc":{"version":0,"block":{"attributes":{"application_id":{"type":"string","description":"Application ID. Specify the name or 'target' that the mobile application uses to find this application.","description_kind":"plain","required":true},"default_profile_id":{"type":"string","description":"Default authentication profile ID","description_kind":"plain","computed":true},"description":{"type":"string","description":"Description of the Web App","description_kind":"plain","computed":true},"id":{"type":"string","description_kind":"plain","optional":true,"computed":true},"name":{"type":"string","description":"Name of the Web App","description_kind":"plain","required":true},"oidc_script":{"type":"string","description_kind":"plain","optional":true,"computed":true},"policy_script":{"type":"string","description":"Use script to specify authentication rules (configured rules are ignored)","description_kind":"plain","computed":true},"template_name":{"type":"string","description":"Template name of the Web App","description_kind":"plain","computed":true},"user_map_script":{"type":"string","description":"Account mapping script. Applicable if 'username_strategy' is 'UseScript'","description_kind":"plain","optional":true},"username":{"type":"string","description":"All users share the user name. Applicable if 'username_strategy' is 'Fixed'","description_kind":"plain","computed":true},"username_strategy":{"type":"string","description":"Account mapping","description_kind":"plain","computed":true},"workflow_enabled":{"type":"bool","description_kind":"plain","computed":true}},"block_types":{"challenge_rule":{"nesting_mode":"list","block":{"attributes":{"authentication_profile_id":{"type":"string","description":"Authentication Profile (if all conditions met)","description_kind":"plain","optional":true}},"block_types":{"rule":{"nesting_mode":"set","block":{"attributes":{"condition":{"type":"string","description_kind":"plain","required":true},"filter":{"type":"string","description_kind":"plain","required":true},"value":{"type":"string","description_kind":"plain","optional":true}},"description_kind":"plain"}}},"description":"Authentication rules","description_kind":"plain"}},"oauth_profile":{"nesting_mode":"list","block":{"attributes":{"allow_refresh":{"type":"bool","description":"Issue refresh tokens","description_kind":"plain","optional":true},"application_url":{"type":"string","description":"Resource application URL. The OpenID Connect Service Provider URL","description_kind":"plain","required":true},"client_id":{"type":"string","description":"The OpenID Client ID for this Identity Provider","description_kind":"plain","computed":true},"client_secret":{"type":"string","description":"The OpenID Client Secret for this Identity Provider","description_kind":"plain","optional":true,"sensitive":true},"issuer":{"type":"string","description":"The OpenID Connect Issuer URL for this application","description_kind":"plain","computed":true},"redirects":{"type":["set","string"],"description":"Authorized Redirect URIs. Redirect URI that the Service Provider will specify in the OpenID Connect request to Centrify","description_kind":"plain","required":true},"refresh_lifetime":{"type":"string","description":"Refresh token lifetime","description_kind":"plain","optional":true},"script":{"type":"string","description":"Script to generate OpenID Connect Authorization and UserInfo responses for this application","description_kind":"plain","optional":true},"token_lifetime":{"type":"string","description":"Token lifetime","description_kind":"plain","required":true}},"description_kind":"plain"},"max_items":1},"workflow_approver":{"nesting_mode":"list","block":{"attributes":{"guid":{"type":"string","description":"ID of the principal","description_kind":"plain","optional":true},"name":{"type":"string","description":"User or role name of the approver","description_kind":"plain","optional":true},"no_manager_action":{"type":"string","description":"Type of principal","description_kind":"plain","optional":true},"options_selector":{"type":"bool","description_kind":"plain","optional":true},"type":{"type":"string","description":"Type of principal","description_kind":"plain","optional":true}},"block_types":{"backup_approver":{"nesting_mode":"list","block":{"attributes":{"guid":{"type":"string","description":"ID of the principal","description_kind":"plain","optional":true},"name":{"type":"string","description":"User or role name of the approver","description_kind":"plain","optional":true},"type":{"type":"string","description":"Type of principal","description_kind":"plain","optional":true}},"description_kind":"plain"},"max_items":1}},"description":"Workflow approvers","description_kind":"plain"}}},"description_kind":"plain"}},"centrify_webapp_saml":{"version":0,"block":{"attributes":{"acs_url":{"type":"string","description":"Assertion Consumer Service (ACS) URL","description_kind":"plain","computed":true},"app_entity_id":{"type":"string","description":"Cloudera Entity ID or JIRA Cloud SP Entity ID","description_kind":"plain","optional":true},"application_id":{"type":"string","description":"Application ID. Specify the name or 'target' that the mobile application uses to find this application.","description_kind":"plain","optional":true},"authn_context_class":{"type":"string","description":"Select the Authentication Context Class that your Service Provider specifies to use. If SP does not specify one, select 'unspecified'.","description_kind":"plain","computed":true},"corp_identifier":{"type":"string","description":"AWS Account ID or Jira Cloud Subdomain","description_kind":"plain","optional":true},"default_profile_id":{"type":"string","description":"Default authentication profile ID","description_kind":"plain","computed":true},"description":{"type":"string","description":"Description of the Web App","description_kind":"plain","computed":true},"id":{"type":"string","description_kind":"plain","optional":true,"computed":true},"idp_metadata_url":{"type":"string","description_kind":"plain","computed":true},"name":{"type":"string","description":"Name of the Web App","description_kind":"plain","required":true},"name_id_format":{"type":"string","description":"This is the Format attribute value in the \u003cNameID\u003e element in SAML Response. Select the NameID Format that your Service Provider specifies to use. If SP does not specify one, select 'unspecified'.","description_kind":"plain","computed":true},"policy_script":{"type":"string","description":"Use script to specify authentication rules (configured rules are ignored)","description_kind":"plain","computed":true},"recipient":{"type":"string","description":"Service Provider recipient if it is different from ACS URL","description_kind":"plain","computed":true},"recipient_sameas_acs_url":{"type":"bool","description":"Recipient is same as ACS URL","description_kind":"plain","computed":true},"relay_state":{"type":"string","description":"If your Service Provider specifies a Relay State value to use, specify it here.","description_kind":"plain","computed":true},"saml_script":{"type":"string","description":"Javascript used to produce custom logic for SAML response","description_kind":"plain","computed":true},"sign_assertion":{"type":"bool","description":"Sign assertion if true, otherwise sign response","description_kind":"plain","computed":true},"sp_entity_id":{"type":"string","description":"SP Entity ID, also known as SP Issuer, or Audience, is a value given by your Service Provider","description_kind":"plain","optional":true},"sp_metadata_url":{"type":"string","description_kind":"plain","computed":true},"sp_metadata_xml":{"type":"string","description":"Service Provider metadata in XML format","description_kind":"plain","computed":true},"sp_single_logout_url":{"type":"string","description":"Single Logout URL","description_kind":"plain","computed":true},"template_name":{"type":"string","description":"Template name of the Web App","description_kind":"plain","computed":true},"user_map_script":{"type":"string","description":"Account mapping script. Applicable if 'username_strategy' is 'UseScript'","description_kind":"plain","computed":true},"username":{"type":"string","description":"All users share the user name. Applicable if 'username_strategy' is 'Fixed'","description_kind":"plain","computed":true},"username_strategy":{"type":"string","description":"Account mapping","description_kind":"plain","computed":true},"workflow_enabled":{"type":"bool","description_kind":"plain","computed":true}},"block_types":{"challenge_rule":{"nesting_mode":"list","block":{"attributes":{"authentication_profile_id":{"type":"string","description":"Authentication Profile (if all conditions met)","description_kind":"plain","optional":true}},"block_types":{"rule":{"nesting_mode":"set","block":{"attributes":{"condition":{"type":"string","description_kind":"plain","required":true},"filter":{"type":"string","description_kind":"plain","required":true},"value":{"type":"string","description_kind":"plain","optional":true}},"description_kind":"plain"}}},"description":"Authentication rules","description_kind":"plain"}},"saml_attribute":{"nesting_mode":"set","block":{"attributes":{"name":{"type":"string","description_kind":"plain","optional":true},"value":{"type":"string","description_kind":"plain","optional":true}},"description":"Map attributes from your source directory to SAML attributes that should be included in the SAML response for this application.","description_kind":"plain"}},"workflow_approver":{"nesting_mode":"list","block":{"attributes":{"guid":{"type":"string","description":"ID of the principal","description_kind":"plain","optional":true},"name":{"type":"string","description":"User or role name of the approver","description_kind":"plain","optional":true},"no_manager_action":{"type":"string","description":"Type of principal","description_kind":"plain","optional":true},"options_selector":{"type":"bool","description_kind":"plain","optional":true},"type":{"type":"string","description":"Type of principal","description_kind":"plain","optional":true}},"block_types":{"backup_approver":{"nesting_mode":"list","block":{"attributes":{"guid":{"type":"string","description":"ID of the principal","description_kind":"plain","optional":true},"name":{"type":"string","description":"User or role name of the approver","description_kind":"plain","optional":true},"type":{"type":"string","description":"Type of principal","description_kind":"plain","optional":true}},"description_kind":"plain"},"max_items":1}},"description":"Workflow approvers","description_kind":"plain"}}},"description_kind":"plain"}},"centrifyvault_authenticationprofile":{"version":0,"block":{"attributes":{"additional_data":{"type":["list",["object",{"number_of_questions":"number"}]],"description_kind":"plain","computed":true},"challenges":{"type":["list","string"],"description":"Authentication mechanisms for challenges","description_kind":"plain","computed":true},"id":{"type":"string","description_kind":"plain","optional":true,"computed":true},"name":{"type":"string","description":"The name of the authentication profile","description_kind":"plain","required":true},"pass_through_duration":{"type":"number","description":"Pass through duration of the authentication profile","description_kind":"plain","computed":true},"uuid":{"type":"string","description":"UUID of the authentication profile","description_kind":"plain","computed":true}},"description_kind":"plain","deprecated":true}},"centrifyvault_cloudprovider":{"version":0,"block":{"attributes":{"cloud_account_id":{"type":"string","description":"Account ID of the cloud provider","description_kind":"plain","required":true},"default_profile_id":{"type":"string","description":"Default Root Account Login Profile (used if no conditions matched)","description_kind":"plain","computed":true},"description":{"type":"string","description":"Description of the cloud provider","description_kind":"plain","computed":true},"enable_interactive_password_rotation":{"type":"bool","description":"Enable interactive password rotation","description_kind":"plain","computed":true},"enable_password_rotation_reminders":{"type":"bool","description":"Enable password rotation reminders","description_kind":"plain","computed":true},"id":{"type":"string","description_kind":"plain","optional":true,"computed":true},"name":{"type":"string","description":"Name of the cloud provider","description_kind":"plain","required":true},"password_rotation_reminder_duration":{"type":"number","description":"Minimum number of days since last rotation to trigger a reminder","description_kind":"plain","computed":true},"prompt_change_root_password":{"type":"bool","description":"Prompt to change root password every login and password checkin","description_kind":"plain","computed":true},"type":{"type":"string","description":"Type of the cloud provider","description_kind":"plain","computed":true}},"block_types":{"challenge_rule":{"nesting_mode":"list","block":{"attributes":{"authentication_profile_id":{"type":"string","description":"Authentication Profile (if all conditions met)","description_kind":"plain","optional":true}},"block_types":{"rule":{"nesting_mode":"set","block":{"attributes":{"condition":{"type":"string","description_kind":"plain","required":true},"filter":{"type":"string","description_kind":"plain","required":true},"value":{"type":"string","description_kind":"plain","optional":true}},"description_kind":"plain"}}},"description":"Authentication rules","description_kind":"plain"}}},"description_kind":"plain","deprecated":true}},"centrifyvault_connector":{"version":0,"block":{"attributes":{"ad_proxy":{"type":"string","description_kind":"plain","optional":true},"app_gateway":{"type":"string","description_kind":"plain","optional":true},"dns_host_name":{"type":"string","description_kind":"plain","optional":true},"forest":{"type":"string","description_kind":"plain","optional":true},"http_api_service":{"type":"string","description_kind":"plain","optional":true},"id":{"type":"string","description_kind":"plain","optional":true,"computed":true},"ldap_proxy":{"type":"string","description_kind":"plain","optional":true},"machine_name":{"type":"string","description_kind":"plain","optional":true},"name":{"type":"string","description":"Name of the Connector","description_kind":"plain","required":true},"online":{"type":"bool","description_kind":"plain","optional":true},"radius_external_service":{"type":"string","description_kind":"plain","optional":true},"radius_service":{"type":"string","description_kind":"plain","optional":true},"rdp_service":{"type":"string","description_kind":"plain","optional":true},"ssh_service":{"type":"string","description_kind":"plain","optional":true},"status":{"type":"string","description_kind":"plain","optional":true},"version":{"type":"string","description_kind":"plain","optional":true},"vm_identifier":{"type":"string","description_kind":"plain","optional":true},"vpc_identifier":{"type":"string","description_kind":"plain","optional":true}},"description_kind":"plain","deprecated":true}},"centrifyvault_desktopapp":{"version":0,"block":{"attributes":{"application_account_id":{"type":"string","description":"Host login credential account","description_kind":"plain","computed":true},"application_alias":{"type":"string","description":"The alias name of the published RemoteApp program","description_kind":"plain","computed":true},"application_host_id":{"type":"string","description":"Application host","description_kind":"plain","computed":true},"command_line":{"type":"string","description":"Command line","description_kind":"plain","computed":true},"command_parameter":{"type":["set",["object",{"name":"string","target_object_id":"string","type":"string","value":"string"}]],"description_kind":"plain","computed":true},"default_profile_id":{"type":"string","description":"Default authentication profile ID","description_kind":"plain","computed":true},"description":{"type":"string","description":"Description of the Web App","description_kind":"plain","computed":true},"id":{"type":"string","description_kind":"plain","optional":true,"computed":true},"login_credential_type":{"type":"string","description":"Host login credential type","description_kind":"plain","computed":true},"name":{"type":"string","description":"Name of the Desktop App","description_kind":"plain","required":true},"policy_script":{"type":"string","description":"Use script to specify authentication rules (configured rules are ignored)","description_kind":"plain","computed":true},"template_name":{"type":"string","description":"Template name of the Desktop App","description_kind":"plain","computed":true},"workflow_enabled":{"type":"bool","description_kind":"plain","computed":true}},"block_types":{"challenge_rule":{"nesting_mode":"list","block":{"attributes":{"authentication_profile_id":{"type":"string","description":"Authentication Profile (if all conditions met)","description_kind":"plain","optional":true}},"block_types":{"rule":{"nesting_mode":"set","block":{"attributes":{"condition":{"type":"string","description_kind":"plain","required":true},"filter":{"type":"string","description_kind":"plain","required":true},"value":{"type":"string","description_kind":"plain","optional":true}},"description_kind":"plain"}}},"description":"Authentication rules","description_kind":"plain"}},"workflow_approver":{"nesting_mode":"list","block":{"attributes":{"guid":{"type":"string","description":"ID of the principal","description_kind":"plain","optional":true},"name":{"type":"string","description":"User or role name of the approver","description_kind":"plain","optional":true},"no_manager_action":{"type":"string","description":"Type of principal","description_kind":"plain","optional":true},"options_selector":{"type":"bool","description_kind":"plain","optional":true},"type":{"type":"string","description":"Type of principal","description_kind":"plain","optional":true}},"block_types":{"backup_approver":{"nesting_mode":"list","block":{"attributes":{"guid":{"type":"string","description":"ID of the principal","description_kind":"plain","optional":true},"name":{"type":"string","description":"User or role name of the approver","description_kind":"plain","optional":true},"type":{"type":"string","description":"Type of principal","description_kind":"plain","optional":true}},"description_kind":"plain"},"max_items":1}},"description":"Workflow approvers","description_kind":"plain"}}},"description_kind":"plain","deprecated":true}},"centrifyvault_directoryobject":{"version":0,"block":{"attributes":{"directory_services":{"type":["set","string"],"description":"List of UUID of directory services","description_kind":"plain","required":true},"display_name":{"type":"string","description":"Display name of the directory object","description_kind":"plain","optional":true,"computed":true},"distinguished_name":{"type":"string","description":"Distinguished name of the directory object","description_kind":"plain","optional":true,"computed":true},"forest":{"type":"string","description":"Forest name of the directory object","description_kind":"plain","optional":true,"computed":true},"id":{"type":"string","description_kind":"plain","optional":true,"computed":true},"name":{"type":"string","description":"Name of the directory object","description_kind":"plain","required":true},"object_type":{"type":"string","description":"Type of the directory object","description_kind":"plain","required":true},"system_name":{"type":"string","description":"UPN of the directory object","description_kind":"plain","optional":true,"computed":true}},"description_kind":"plain","deprecated":true}},"centrifyvault_directoryservice":{"version":0,"block":{"attributes":{"id":{"type":"string","description_kind":"plain","optional":true,"computed":true},"name":{"type":"string","description":"Name of the Directory Service","description_kind":"plain","required":true},"status":{"type":"string","description":"Status of the Directory Service","description_kind":"plain","optional":true,"computed":true},"type":{"type":"string","description":"Type of the Directory Service","description_kind":"plain","required":true}},"description_kind":"plain","deprecated":true}},"centrifyvault_manualset":{"version":0,"block":{"attributes":{"description":{"type":"string","description":"Description of an manual set","description_kind":"plain","computed":true},"id":{"type":"string","description_kind":"plain","optional":true,"computed":true},"name":{"type":"string","description":"The name of the manual set","description_kind":"plain","required":true},"subtype":{"type":"string","description":"SubObjectType for application.","description_kind":"plain","optional":true},"type":{"type":"string","description":"Type of set","description_kind":"plain","required":true}},"description_kind":"plain","deprecated":true}},"centrifyvault_multiplexedaccount":{"version":0,"block":{"attributes":{"account1":{"type":"string","description_kind":"plain","computed":true},"account1_id":{"type":"string","description_kind":"plain","computed":true},"account2":{"type":"string","description_kind":"plain","computed":true},"account2_id":{"type":"string","description_kind":"plain","computed":true},"accounts":{"type":["set","string"],"description_kind":"plain","computed":true},"active_account":{"type":"string","description_kind":"plain","computed":true},"description":{"type":"string","description":"Description of the multiplexed account","description_kind":"plain","computed":true},"id":{"type":"string","description_kind":"plain","optional":true,"computed":true},"name":{"type":"string","description":"The name of the multiplexed account","description_kind":"plain","required":true}},"description_kind":"plain","deprecated":true}},"centrifyvault_passwordprofile":{"version":0,"block":{"attributes":{"at_least_one_digit":{"type":"bool","description":"At least one digit","description_kind":"plain","computed":true},"at_least_one_lowercase":{"type":"bool","description":"At least one lower-case alpha character","description_kind":"plain","computed":true},"at_least_one_special_char":{"type":"bool","description":"At least one special character","description_kind":"plain","computed":true},"at_least_one_uppercase":{"type":"bool","description":"At least one upper-case alpha character","description_kind":"plain","computed":true},"description":{"type":"string","description":"Description of password profile","description_kind":"plain","computed":true},"first_character_type":{"type":"string","description":"A leading alpha or alphanumeric character","description_kind":"plain","computed":true},"id":{"type":"string","description_kind":"plain","optional":true,"computed":true},"last_character_type":{"type":"string","description":"A trailing alpha or alphanumeric character","description_kind":"plain","computed":true},"maximum_char_occurrence_count":{"type":"number","description":"Maximum character occurrence count","description_kind":"plain","computed":true},"maximum_password_length":{"type":"number","description":"Maximum password length","description_kind":"plain","computed":true},"minimum_alphabetic_character_count":{"type":"number","description":"Min number of alpha characters","description_kind":"plain","computed":true},"minimum_non_alphabetic_character_count":{"type":"number","description":"Min number of non-alpha characters","description_kind":"plain","computed":true},"minimum_password_length":{"type":"number","description":"Minimum password length","description_kind":"plain","computed":true},"name":{"type":"string","description":"The name of password profile","description_kind":"plain","required":true},"no_consecutive_repeated_char":{"type":"bool","description":"No consecutive repeated characters","description_kind":"plain","computed":true},"profile_type":{"type":"string","description":"The type of password profile","description_kind":"plain","optional":true},"special_charset":{"type":"string","description":"Special Characters","description_kind":"plain","computed":true}},"description_kind":"plain","deprecated":true}},"centrifyvault_policy":{"version":0,"block":{"attributes":{"description":{"type":"string","description":"Description of the policy","description_kind":"plain","computed":true},"id":{"type":"string","description_kind":"plain","optional":true,"computed":true},"link_type":{"type":"string","description":"Link type of the policy","description_kind":"plain","computed":true},"name":{"type":"string","description":"The name of the policy","description_kind":"plain","required":true},"policy_assignment":{"type":["set","string"],"description":"List of roles or sets assigned to the policy","description_kind":"plain","computed":true},"settings":{"type":["list",["object",{"account_set":["list",["object",{"access_secret_checkout_dfault_profile_id":"string","access_secret_checkout_rule":["list",["object",{"authentication_profile_id":"string","rule":["set",["object",{"condition":"string","filter":"string","value":"string"}]]}]],"challenge_rule":["list",["object",{"authentication_profile_id":"string","rule":["set",["object",{"condition":"string","filter":"string","value":"string"}]]}]],"checkout_lifetime":"number","default_profile_id":"string"}]],"centrify_client":["list",["object",{"allow_no_mfa_mech":"bool","authentication_enabled":"bool","challenge_rule":["list",["object",{"authentication_profile_id":"string","rule":["set",["object",{"condition":"string","filter":"string","value":"string"}]]}]],"default_profile_id":"string"}]],"centrify_css_elevation":["list",["object",{"authentication_enabled":"bool","challenge_rule":["list",["object",{"authentication_profile_id":"string","rule":["set",["object",{"condition":"string","filter":"string","value":"string"}]]}]],"default_profile_id":"string"}]],"centrify_css_server":["list",["object",{"authentication_enabled":"bool","challenge_rule":["list",["object",{"authentication_profile_id":"string","rule":["set",["object",{"condition":"string","filter":"string","value":"string"}]]}]],"default_profile_id":"string","pass_through_mode":"number"}]],"centrify_css_workstation":["list",["object",{"authentication_enabled":"bool","challenge_rule":["list",["object",{"authentication_profile_id":"string","rule":["set",["object",{"condition":"string","filter":"string","value":"string"}]]}]],"default_profile_id":"string"}]],"centrify_services":["list",["object",{"allow_iwa":"bool","allow_no_mfa_mech":"bool","allow_session_persist":"bool","auth_rule_federated":"bool","authentication_enabled":"bool","block_auth_from_same_device":"bool","certauth_satisfies_all":"bool","certauth_set_cookie":"bool","certauth_skip_challenge":"bool","challenge_rule":["list",["object",{"authentication_profile_id":"string","rule":["set",["object",{"condition":"string","filter":"string","value":"string"}]]}]],"continue_failed_sessions":"bool","default_profile_id":"string","default_session_persist":"bool","federated_satisfies_all":"bool","iwa_satisfies_all":"bool","iwa_set_cookie":"bool","persist_session_lifespan":"number","remember_last_factor":"bool","session_lifespan":"number","stop_auth_on_prev_failed":"bool","use_certauth":"bool"}]],"cloudproviders_set":["list",["object",{"challenge_rule":["list",["object",{"authentication_profile_id":"string","rule":["set",["object",{"condition":"string","filter":"string","value":"string"}]]}]],"default_profile_id":"string","enable_interactive_password_rotation":"bool","enable_password_rotation_reminders":"bool","password_rotation_reminder_duration":"number","prompt_change_root_password":"bool"}]],"database_set":["list",["object",{"allow_multiple_checkouts":"bool","checkout_lifetime":"number","enable_password_history_cleanup":"bool","enable_password_rotation":"bool","enable_password_rotation_after_checkin":"bool","minimum_password_age":"number","password_historycleanup_duration":"number","password_rotate_interval":"number"}]],"domain_set":["list",["object",{"allow_multiple_checkouts":"bool","checkout_lifetime":"number","enable_password_history_cleanup":"bool","enable_password_rotation":"bool","enable_password_rotation_after_checkin":"bool","minimum_password_age":"number","password_historycleanup_duration":"number","password_rotate_interval":"number"}]],"mobile_device":["list",["object",{"allow_enrollment":"bool","allow_fallback_pin":"bool","allow_notify_multi_devices":"bool","auto_lock_timeout":"number","enable_debug":"bool","enable_invite_enrollment":"bool","force_fingerprint":"bool","location_tracking":"bool","lock_app_on_exit":"bool","permit_non_compliant_device":"bool","require_passcode":"bool"}]],"oath_otp":["list",["object",{"allow_otp":"bool"}]],"password_settings":["list",["object",{"allow_include_displayname":"bool","allow_include_username":"bool","bad_attempt_threshold":"number","capture_window":"number","check_weak_password":"bool","complexity_hint":"string","expire_hard_notification":"number","expire_notification_mobile":"bool","expire_soft_notification":"number","lockout_duration":"number","max_age_in_days":"number","max_length":"number","min_age_in_days":"number","min_length":"number","no_of_repeated_char_allowed":"number","password_history":"number","require_digit":"bool","require_mix_case":"bool","require_symbol":"bool","require_unicode":"bool","show_password_complexity":"bool"}]],"radius":["list",["object",{"allow_external_radius":"bool","allow_radius":"bool","default_profile_id":"string","require_challenges":"bool","send_vendor_attributes":"bool"}]],"secret_set":["list",["object",{"challenge_rule":["list",["object",{"authentication_profile_id":"string","rule":["set",["object",{"condition":"string","filter":"string","value":"string"}]]}]],"default_profile_id":"string"}]],"self_service":["list",["object",{"account_selfservice_enabled":"bool","account_unlock_enabled":"bool","ad_admin_user":"string","admin_user_password":["list",["object",{"type":"string","value":"string"}]],"login_after_reset":"bool","max_reset_allowed":"number","max_reset_attempts":"number","max_time_allowed":"number","password_reset_enabled":"bool","pwreset_allow_for_aduser":"bool","pwreset_auth_profile_id":"string","pwreset_with_cookie_only":"bool","show_locked_message":"bool","unlock_allow_for_aduser":"bool","unlock_auth_profile_id":"string","unlock_with_cookie_only":"bool","use_ad_admin":"bool"}]],"sshkey_set":["list",["object",{"challenge_rule":["list",["object",{"authentication_profile_id":"string","rule":["set",["object",{"condition":"string","filter":"string","value":"string"}]]}]],"default_profile_id":"string"}]],"system_set":["list",["object",{"allow_multiple_checkouts":"bool","allow_rdp_clipboard":"bool","allow_remote_access":"bool","challenge_rule":["list",["object",{"authentication_profile_id":"string","rule":["set",["object",{"condition":"string","filter":"string","value":"string"}]]}]],"checkout_lifetime":"number","default_profile_id":"string","enable_password_history_cleanup":"bool","enable_password_rotation":"bool","enable_password_rotation_after_checkin":"bool","enable_sshkey_history_cleanup":"bool","enable_sshkey_rotation":"bool","local_account_automatic_maintenance":"bool","local_account_manual_unlock":"bool","minimum_password_age":"number","minimum_sshkey_age":"number","password_historycleanup_duration":"number","password_rotate_interval":"number","privilege_elevation_default_profile_id":"string","privilege_elevation_rule":["list",["object",{"authentication_profile_id":"string","rule":["set",["object",{"condition":"string","filter":"string","value":"string"}]]}]],"remove_user_on_session_end":"bool","sshkey_algorithm":"string","sshkey_historycleanup_duration":"number","sshkey_rotate_interval":"number"}]],"user_account":["list",["object",{"admin_defined_questions":"number","allow_mfa_redirect_change":"bool","allow_phone_pin_change":"bool","allow_user_change_password":"bool","configure_security_questions":"bool","default_language":"string","fido2_auth_profile_id":"string","fido2_prompt":"string","min_char_in_answer":"number","min_phone_pin_length":"number","otp_auth_profile_id":"string","otp_prompt":"string","password_change_auth_profile_id":"string","phone_pin_auth_profile_id":"string","prevent_dup_answers":"bool","question_auth_profile_id":"string","show_fido2":"bool","show_otp":"bool","user_defined_questions":"number","user_profile_auth_profile_id":"string"}]]}]],"description_kind":"plain","computed":true}},"description_kind":"plain","deprecated":true}},"centrifyvault_role":{"version":0,"block":{"attributes":{"adminrights":{"type":["set","string"],"description_kind":"plain","computed":true},"description":{"type":"string","description":"Description of an role","description_kind":"plain","computed":true},"id":{"type":"string","description_kind":"plain","optional":true,"computed":true},"name":{"type":"string","description":"Name of the role","description_kind":"plain","required":true}},"block_types":{"member":{"nesting_mode":"set","block":{"attributes":{"id":{"type":"string","description":"ID of the member","description_kind":"plain","computed":true},"name":{"type":"string","description":"Name of the member","description_kind":"plain","computed":true},"type":{"type":"string","description":"Type of the member","description_kind":"plain","computed":true}},"description_kind":"plain"}}},"description_kind":"plain","deprecated":true}},"centrifyvault_service":{"version":0,"block":{"attributes":{"admin_account_id":{"type":"string","description":"Administrative account id that used to manage the password for the service","description_kind":"plain","computed":true},"days_of_week":{"type":["set","string"],"description":"Day of the week restart allowed","description_kind":"plain","computed":true},"description":{"type":"string","description":"Description of the service","description_kind":"plain","computed":true},"enable_management":{"type":"bool","description":"Enable management of this service password","description_kind":"plain","computed":true},"id":{"type":"string","description_kind":"plain","optional":true,"computed":true},"multiplexed_account_id":{"type":"string","description":"The multiplexed account id to run the service","description_kind":"plain","computed":true},"restart_end_time":{"type":"string","description":"End time of the time range restart is allowed","description_kind":"plain","computed":true},"restart_service":{"type":"bool","description":"Restart Service when password is rotated","description_kind":"plain","computed":true},"restart_start_time":{"type":"string","description":"Start time of the time range restart is allowed","description_kind":"plain","computed":true},"restart_time_restriction":{"type":"bool","description":"Enforce restart time restrictions","description_kind":"plain","computed":true},"service_name":{"type":"string","description":"The name of the service to be managed.","description_kind":"plain","required":true},"service_type":{"type":"string","description_kind":"plain","computed":true},"system_id":{"type":"string","description":"The target system id where the service runs","description_kind":"plain","computed":true},"use_utc_time":{"type":"bool","description":"Whether to use UTC time","description_kind":"plain","computed":true}},"description_kind":"plain","deprecated":true}},"centrifyvault_sshkey":{"version":0,"block":{"attributes":{"checkout":{"type":"bool","description":"Whether to retrieve SSH Key","description_kind":"plain","optional":true},"default_profile_id":{"type":"string","description":"Default SSH Key Challenge Profile","description_kind":"plain","computed":true},"description":{"type":"string","description_kind":"plain","computed":true},"id":{"type":"string","description_kind":"plain","optional":true,"computed":true},"key_format":{"type":"string","description":"KeyFormat to retrieve the key in - only works for PublicKey","description_kind":"plain","optional":true},"key_pair_type":{"type":"string","description":"Which key to retrieve from the pair, must be either PublicKey, PrivateKey, or PPK","description_kind":"plain","required":true},"key_type":{"type":"string","description_kind":"plain","optional":true,"computed":true},"name":{"type":"string","description":"Name of the ssh key","description_kind":"plain","required":true},"passphrase":{"type":"string","description":"Passphrase to use for decrypting the PrivateKey","description_kind":"plain","optional":true,"sensitive":true},"ssh_key":{"type":"string","description":"Content of the SSH Key","description_kind":"plain","optional":true,"sensitive":true}},"block_types":{"challenge_rule":{"nesting_mode":"list","block":{"attributes":{"authentication_profile_id":{"type":"string","description":"Authentication Profile (if all conditions met)","description_kind":"plain","optional":true}},"block_types":{"rule":{"nesting_mode":"set","block":{"attributes":{"condition":{"type":"string","description_kind":"plain","required":true},"filter":{"type":"string","description_kind":"plain","required":true},"value":{"type":"string","description_kind":"plain","optional":true}},"description_kind":"plain"}}},"description":"Authentication rules","description_kind":"plain"}}},"description_kind":"plain","deprecated":true}},"centrifyvault_user":{"version":0,"block":{"attributes":{"description":{"type":"string","description":"Description of the user","description_kind":"plain","computed":true},"displayname":{"type":"string","description":"Display name","description_kind":"plain","computed":true},"email":{"type":"string","description":"Email address","description_kind":"plain","computed":true},"force_password_change_next":{"type":"bool","description":"Require password change at next login","description_kind":"plain","computed":true},"home_number":{"type":"string","description_kind":"plain","computed":true},"id":{"type":"string","description_kind":"plain","optional":true,"computed":true},"manager_username":{"type":"string","description":"Username of the manager","description_kind":"plain","computed":true},"mobile_number":{"type":"string","description_kind":"plain","computed":true},"oauth_client":{"type":"bool","description":"Is OAuth confidential client","description_kind":"plain","computed":true},"office_number":{"type":"string","description_kind":"plain","computed":true},"password_never_expire":{"type":"bool","description":"Password never expires","description_kind":"plain","computed":true},"redirect_mfa_user_id":{"type":"string","description":"Redirect multi factor authentication to a different user account (UUID value)","description_kind":"plain","computed":true},"send_email_invite":{"type":"bool","description":"Send email invite for user profile setup","description_kind":"plain","computed":true},"username":{"type":"string","description":"The username in loginid@suffix format","description_kind":"plain","required":true}},"description_kind":"plain","deprecated":true}},"centrifyvault_vaultaccount":{"version":0,"block":{"attributes":{"access_key_id":{"type":"string","description":"AWS access key id","description_kind":"plain","optional":true},"access_secret_checkout_default_profile_id":{"type":"string","description":"Default secret access key checkout challenge rule id","description_kind":"plain","computed":true},"checkin":{"type":"bool","description":"Whether to checkin the password immediately after checkout","description_kind":"plain","optional":true},"checkout":{"type":"bool","description":"Whether to checkout the password","description_kind":"plain","optional":true},"checkout_lifetime":{"type":"number","description":"Checkout lifetime (minutes)","description_kind":"plain","computed":true},"cloudprovider_id":{"type":"string","description":"ID of the cloud provider it belongs to","description_kind":"plain","optional":true},"credential_name":{"type":"string","description_kind":"plain","computed":true},"credential_type":{"type":"string","description":"Either password or sshkey","description_kind":"plain","computed":true},"database_id":{"type":"string","description":"ID of the database it belongs to","description_kind":"plain","optional":true},"default_profile_id":{"type":"string","description":"Default password checkout profile id","description_kind":"plain","computed":true},"description":{"type":"string","description":"Description of the account","description_kind":"plain","computed":true},"domain_id":{"type":"string","description":"ID of the domain it belongs to","description_kind":"plain","optional":true},"host_id":{"type":"string","description":"ID of the system it belongs to","description_kind":"plain","optional":true},"id":{"type":"string","description_kind":"plain","optional":true,"computed":true},"is_admin_account":{"type":"bool","description":"Whether this is an administrative account","description_kind":"plain","computed":true},"is_root_account":{"type":"bool","description":"Whether this is an root account for cloud provider","description_kind":"plain","computed":true},"key_pair_type":{"type":"string","description_kind":"plain","optional":true},"managed":{"type":"bool","description":"If this account is managed","description_kind":"plain","computed":true},"name":{"type":"string","description":"Name of the account","description_kind":"plain","required":true},"passphrase":{"type":"string","description":"Passphrase to use for encrypting the PrivateKey","description_kind":"plain","optional":true,"sensitive":true},"password":{"type":"string","description":"Password of the account","description_kind":"plain","computed":true,"sensitive":true},"private_key":{"type":"string","description":"SSH private key","description_kind":"plain","optional":true,"sensitive":true},"secret_access_key":{"type":"string","description":"AWS secret access key","description_kind":"plain","optional":true,"sensitive":true},"sshkey_id":{"type":"string","description":"ID of SSH key","description_kind":"plain","computed":true},"status":{"type":"string","description_kind":"plain","computed":true},"use_proxy_account":{"type":"bool","description":"Use proxy account to manage this account","description_kind":"plain","computed":true},"workflow_enabled":{"type":"bool","description_kind":"plain","computed":true}},"block_types":{"access_key":{"nesting_mode":"set","block":{"attributes":{"access_key_id":{"type":"string","description":"AWS access key id","description_kind":"plain","required":true},"id":{"type":"string","description":"AWS access key id","description_kind":"plain","optional":true,"computed":true},"secret_access_key":{"type":"string","description":"AWS secret access key","description_kind":"plain","required":true,"sensitive":true}},"description":"AWS Access Key","description_kind":"plain"}},"access_secret_checkout_rule":{"nesting_mode":"list","block":{"attributes":{"authentication_profile_id":{"type":"string","description":"Authentication Profile (if all conditions met)","description_kind":"plain","optional":true}},"block_types":{"rule":{"nesting_mode":"set","block":{"attributes":{"condition":{"type":"string","description_kind":"plain","required":true},"filter":{"type":"string","description_kind":"plain","required":true},"value":{"type":"string","description_kind":"plain","optional":true}},"description_kind":"plain"}}},"description":"Authentication rules","description_kind":"plain"}},"challenge_rule":{"nesting_mode":"list","block":{"attributes":{"authentication_profile_id":{"type":"string","description":"Authentication Profile (if all conditions met)","description_kind":"plain","optional":true}},"block_types":{"rule":{"nesting_mode":"set","block":{"attributes":{"condition":{"type":"string","description_kind":"plain","required":true},"filter":{"type":"string","description_kind":"plain","required":true},"value":{"type":"string","description_kind":"plain","optional":true}},"description_kind":"plain"}}},"description":"Authentication rules","description_kind":"plain"}},"workflow_approver":{"nesting_mode":"list","block":{"attributes":{"guid":{"type":"string","description":"ID of the principal","description_kind":"plain","optional":true},"name":{"type":"string","description":"User or role name of the approver","description_kind":"plain","optional":true},"no_manager_action":{"type":"string","description":"Type of principal","description_kind":"plain","optional":true},"options_selector":{"type":"bool","description_kind":"plain","optional":true},"type":{"type":"string","description":"Type of principal","description_kind":"plain","optional":true}},"block_types":{"backup_approver":{"nesting_mode":"list","block":{"attributes":{"guid":{"type":"string","description":"ID of the principal","description_kind":"plain","optional":true},"name":{"type":"string","description":"User or role name of the approver","description_kind":"plain","optional":true},"type":{"type":"string","description":"Type of principal","description_kind":"plain","optional":true}},"description_kind":"plain"},"max_items":1}},"description":"Workflow approvers","description_kind":"plain"}}},"description_kind":"plain","deprecated":true}},"centrifyvault_vaultdatabase":{"version":0,"block":{"attributes":{"allow_multiple_checkouts":{"type":"bool","description":"Allow multiple password checkouts for this database","description_kind":"plain","computed":true},"checkout_lifetime":{"type":"number","description":"Specifies the number of minutes that a checked out password is valid.","description_kind":"plain","optional":true},"connector_list":{"type":["set","string"],"description":"List of Connectors","description_kind":"plain","computed":true},"database_class":{"type":"string","description":"Type of the Database","description_kind":"plain","optional":true},"description":{"type":"string","description":"Description of the Database","description_kind":"plain","computed":true},"enable_password_history_cleanup":{"type":"bool","description":"Enable periodic password history cleanup","description_kind":"plain","computed":true},"enable_password_rotation":{"type":"bool","description":"Enable periodic password rotation","description_kind":"plain","computed":true},"enable_password_rotation_after_checkin":{"type":"bool","description":"Enable password rotation after checkin","description_kind":"plain","computed":true},"hostname":{"type":"string","description":"Hostname or IP address of the Database","description_kind":"plain","optional":true},"id":{"type":"string","description_kind":"plain","optional":true,"computed":true},"instance_name":{"type":"string","description":"Instance name of MS SQL Database","description_kind":"plain","optional":true},"minimum_password_age":{"type":"number","description":"Minimum Password Age (days)","description_kind":"plain","computed":true},"name":{"type":"string","description":"The name of the Database","description_kind":"plain","required":true},"password_historycleanup_duration":{"type":"number","description":"Password history cleanup (days)","description_kind":"plain","computed":true},"password_profile_id":{"type":"string","description":"Password complexity profile id","description_kind":"plain","computed":true},"password_rotate_interval":{"type":"number","description":"Password rotation interval (days)","description_kind":"plain","computed":true},"port":{"type":"number","description":"Port that used to connect to the Database","description_kind":"plain","computed":true},"service_name":{"type":"string","description":"Service name of Oracle database","description_kind":"plain","optional":true}},"description_kind":"plain","deprecated":true}},"centrifyvault_vaultdomain":{"version":0,"block":{"attributes":{"administrative_account_id":{"type":"string","description":"ID of administrative account","description_kind":"plain","computed":true},"administrative_account_name":{"type":"string","description":"Name of administrative account","description_kind":"plain","optional":true,"computed":true},"administrative_account_password":{"type":"string","description":"Password of administrative account","description_kind":"plain","computed":true,"sensitive":true},"administrator_display_name":{"type":"string","description_kind":"plain","computed":true},"allow_multiple_checkouts":{"type":"bool","description":"Allow multiple password checkouts per AD account added for this domain","description_kind":"plain","computed":true},"auto_domain_account_maintenance":{"type":"bool","description":"Enable Automatic Domain Account Maintenance","description_kind":"plain","computed":true},"auto_local_account_maintenance":{"type":"bool","description":"Enable Automatic Local Account Maintenance","description_kind":"plain","computed":true},"checkout_lifetime":{"type":"number","description":"Checkout lifetime (minutes)","description_kind":"plain","computed":true},"connector_list":{"type":["set","string"],"description":"List of Connectors","description_kind":"plain","computed":true},"description":{"type":"string","description":"Description of the domain","description_kind":"plain","computed":true},"enable_password_history_cleanup":{"type":"bool","description":"Enable periodic password history cleanup","description_kind":"plain","computed":true},"enable_password_rotation":{"type":"bool","description":"Enable periodic password rotation","description_kind":"plain","computed":true},"enable_password_rotation_after_checkin":{"type":"bool","description":"Enable password rotation after checkin","description_kind":"plain","computed":true},"enable_zone_joined_check":{"type":"bool","description":"Enable periodic domain/zone joined check","description_kind":"plain","computed":true},"enable_zonerole_cleanup":{"type":"bool","description":"Enable periodic removal of expired zone role assignments","description_kind":"plain","computed":true},"enable_zonerole_workflow":{"type":"bool","description":"Enable zone role requests for this system","description_kind":"plain","computed":true},"forest_id":{"type":"string","description_kind":"plain","computed":true},"id":{"type":"string","description_kind":"plain","optional":true,"computed":true},"manual_domain_account_unlock":{"type":"bool","description":"Enable Manual Domain Account Unlock","description_kind":"plain","computed":true},"manual_local_account_unlock":{"type":"bool","description":"Enable Manual Local Account Unlock","description_kind":"plain","computed":true},"minimum_password_age":{"type":"number","description":"Minimum Password Age (days)","description_kind":"plain","computed":true},"name":{"type":"string","description":"Name of the domain","description_kind":"plain","required":true},"parent_id":{"type":"string","description_kind":"plain","computed":true},"password_historycleanup_duration":{"type":"number","description":"Password history cleanup (days)","description_kind":"plain","computed":true},"password_profile_id":{"type":"string","description":"Password complexity profile id","description_kind":"plain","computed":true},"password_rotate_interval":{"type":"number","description":"Password rotation interval (days)","description_kind":"plain","computed":true},"provisioning_admin_id":{"type":"string","description":"Provisioning Administrative Account ID (must be managed)","description_kind":"plain","computed":true},"reconciliation_account_name":{"type":"string","description":"Reconciliation account name","description_kind":"plain","computed":true},"zone_joined_check_interval":{"type":"number","description":"Domain/zone joined check interval (minutes)","description_kind":"plain","computed":true},"zonerole_cleanup_interval":{"type":"number","description":"Expired zone role assignment removal interval (hours)","description_kind":"plain","computed":true}},"block_types":{"assigned_zonerole":{"nesting_mode":"set","block":{"attributes":{"description":{"type":"string","description":"Description of the zone role","description_kind":"plain","optional":true},"name":{"type":"string","description":"Zone role name. In the format of \u003czone role name\u003e/\u003czone name\u003e","description_kind":"plain","required":true},"parent_zone_dn":{"type":"string","description":"DN of the parent zone","description_kind":"plain","optional":true},"unix":{"type":"bool","description":"The zone role is for Unix","description_kind":"plain","optional":true},"windows":{"type":"bool","description":"The zone role is for Windows","description_kind":"plain","optional":true},"zone_canonical_name":{"type":"string","description":"Cannoical name of the zone","description_kind":"plain","optional":true},"zone_description":{"type":"string","description":"Description of the zone","description_kind":"plain","optional":true},"zone_dn":{"type":"string","description":"Distinguished Name (DN) of the zone","description_kind":"plain","optional":true}},"description":"Zone Role","description_kind":"plain"}},"assigned_zonerole_approver":{"nesting_mode":"list","block":{"attributes":{"guid":{"type":"string","description":"ID of the principal","description_kind":"plain","optional":true},"name":{"type":"string","description":"User or role name of the approver","description_kind":"plain","optional":true},"no_manager_action":{"type":"string","description":"Type of principal","description_kind":"plain","optional":true},"options_selector":{"type":"bool","description_kind":"plain","optional":true},"type":{"type":"string","description":"Type of principal","description_kind":"plain","optional":true}},"block_types":{"backup_approver":{"nesting_mode":"list","block":{"attributes":{"guid":{"type":"string","description":"ID of the principal","description_kind":"plain","optional":true},"name":{"type":"string","description":"User or role name of the approver","description_kind":"plain","optional":true},"type":{"type":"string","description":"Type of principal","description_kind":"plain","optional":true}},"description_kind":"plain"},"max_items":1}},"description":"Workflow approvers","description_kind":"plain"}}},"description_kind":"plain","deprecated":true}},"centrifyvault_vaultsecret":{"version":0,"block":{"attributes":{"checkout":{"type":"bool","description":"Whether to retrieve secret content","description_kind":"plain","optional":true},"default_profile_id":{"type":"string","description":"Default Secret Challenge Profile (used if no conditions matched)","description_kind":"plain","computed":true},"description":{"type":"string","description":"Description of the secret","description_kind":"plain","computed":true},"folder_id":{"type":"string","description":"ID of the folder where the secret is located","description_kind":"plain","computed":true},"id":{"type":"string","description_kind":"plain","optional":true,"computed":true},"parent_path":{"type":"string","description":"Path of parent folder","description_kind":"plain","optional":true},"secret_name":{"type":"string","description":"Name of the secret","description_kind":"plain","required":true},"secret_text":{"type":"string","description":"Content of the secret","description_kind":"plain","computed":true,"sensitive":true},"type":{"type":"string","description":"Either Text or File","description_kind":"plain","computed":true},"workflow_enabled":{"type":"bool","description_kind":"plain","computed":true}},"block_types":{"challenge_rule":{"nesting_mode":"list","block":{"attributes":{"authentication_profile_id":{"type":"string","description":"Authentication Profile (if all conditions met)","description_kind":"plain","optional":true}},"block_types":{"rule":{"nesting_mode":"set","block":{"attributes":{"condition":{"type":"string","description_kind":"plain","required":true},"filter":{"type":"string","description_kind":"plain","required":true},"value":{"type":"string","description_kind":"plain","optional":true}},"description_kind":"plain"}}},"description":"Authentication rules","description_kind":"plain"}},"workflow_approver":{"nesting_mode":"list","block":{"attributes":{"guid":{"type":"string","description":"ID of the principal","description_kind":"plain","optional":true},"name":{"type":"string","description":"User or role name of the approver","description_kind":"plain","optional":true},"no_manager_action":{"type":"string","description":"Type of principal","description_kind":"plain","optional":true},"options_selector":{"type":"bool","description_kind":"plain","optional":true},"type":{"type":"string","description":"Type of principal","description_kind":"plain","optional":true}},"block_types":{"backup_approver":{"nesting_mode":"list","block":{"attributes":{"guid":{"type":"string","description":"ID of the principal","description_kind":"plain","optional":true},"name":{"type":"string","description":"User or role name of the approver","description_kind":"plain","optional":true},"type":{"type":"string","description":"Type of principal","description_kind":"plain","optional":true}},"description_kind":"plain"},"max_items":1}},"description":"Workflow approvers","description_kind":"plain"}}},"description_kind":"plain","deprecated":true}},"centrifyvault_vaultsecretfolder":{"version":0,"block":{"attributes":{"default_profile_id":{"type":"string","description":"Default Secret Challenge Profile (used if no conditions matched)","description_kind":"plain","computed":true},"description":{"type":"string","description":"Description of an secret folder","description_kind":"plain","computed":true},"id":{"type":"string","description_kind":"plain","optional":true,"computed":true},"name":{"type":"string","description":"The name of the secret folder","description_kind":"plain","required":true},"parent_id":{"type":"string","description":"Parent folder ID of an secret folder","description_kind":"plain","computed":true},"parent_path":{"type":"string","description":"Parent folder path of an secret folder","description_kind":"plain","optional":true}},"block_types":{"challenge_rule":{"nesting_mode":"list","block":{"attributes":{"authentication_profile_id":{"type":"string","description":"Authentication Profile (if all conditions met)","description_kind":"plain","optional":true}},"block_types":{"rule":{"nesting_mode":"set","block":{"attributes":{"condition":{"type":"string","description_kind":"plain","required":true},"filter":{"type":"string","description_kind":"plain","required":true},"value":{"type":"string","description_kind":"plain","optional":true}},"description_kind":"plain"}}},"description":"Authentication rules","description_kind":"plain"}}},"description_kind":"plain","deprecated":true}},"centrifyvault_vaultsystem":{"version":0,"block":{"attributes":{"agent_auth_workflow_enabled":{"type":"bool","description_kind":"plain","computed":true},"allow_multiple_checkouts":{"type":"bool","description":"Allow multiple password checkouts for this system","description_kind":"plain","computed":true},"allow_rdp_clipboard":{"type":"bool","description":"Allow RDP client to sync local clipboard with remote session","description_kind":"plain","computed":true},"allow_remote_access":{"type":"bool","description":"Allow access from a public network (web client only)","description_kind":"plain","computed":true},"checkout_lifetime":{"type":"number","description":"Specifies the number of minutes that a checked out password is valid.","description_kind":"plain","computed":true},"computer_class":{"type":"string","description":"Type of the system","description_kind":"plain","optional":true},"connector_list":{"type":["set","string"],"description":"List of Connectors","description_kind":"plain","computed":true},"default_profile_id":{"type":"string","description":"Default System Login Profile (used if no conditions matched)","description_kind":"plain","computed":true},"description":{"type":"string","description":"Description of the system","description_kind":"plain","computed":true},"domain_id":{"type":"string","description":"AD domain that this system belongs to","description_kind":"plain","computed":true},"enable_password_history_cleanup":{"type":"bool","description":"Enable periodic password history cleanup","description_kind":"plain","computed":true},"enable_password_rotation":{"type":"bool","description":"Enable periodic password rotation","description_kind":"plain","computed":true},"enable_password_rotation_after_checkin":{"type":"bool","description":"Enable password rotation after checkin","description_kind":"plain","computed":true},"enable_sshkey_history_cleanup":{"type":"bool","description":"Enable periodic SSH key history cleanup","description_kind":"plain","computed":true},"enable_sshkey_rotation":{"type":"bool","description":"Enable periodic SSH key rotation","description_kind":"plain","computed":true},"enable_zonerole_workflow":{"type":"bool","description":"Enable zone role requests for this system","description_kind":"plain","computed":true},"fqdn":{"type":"string","description":"Hostname or IP address of the system","description_kind":"plain","required":true},"id":{"type":"string","description_kind":"plain","optional":true,"computed":true},"local_account_automatic_maintenance":{"type":"bool","description":"Local Account Automatic Maintenance","description_kind":"plain","computed":true},"local_account_manual_unlock":{"type":"bool","description":"Local Account Manual Unlock","description_kind":"plain","computed":true},"management_mode":{"type":"string","description":"Management mode of the system. For Windows only","description_kind":"plain","optional":true,"computed":true},"management_port":{"type":"number","description":"Management port for account management. For Windows, F5, PAN-OS and VMKernel only","description_kind":"plain","computed":true},"minimum_password_age":{"type":"number","description":"Minimum Password Age (days)","description_kind":"plain","computed":true},"minimum_sshkey_age":{"type":"number","description":"Minimum SSH Key Age (days)","description_kind":"plain","computed":true},"name":{"type":"string","description":"The name of the system","description_kind":"plain","required":true},"password_historycleanup_duration":{"type":"number","description":"Password history cleanup (days)","description_kind":"plain","computed":true},"password_profile_id":{"type":"string","description":"Password complexity profile id","description_kind":"plain","computed":true},"password_rotate_interval":{"type":"number","description":"Password rotation interval (days)","description_kind":"plain","computed":true},"port":{"type":"number","description":"Port that used to connect to the system","description_kind":"plain","computed":true},"privilege_elevation_default_profile_id":{"type":"string","description":"Default Privilege Elevation Profile (used if no conditions matched)","description_kind":"plain","computed":true},"privilege_elevation_workflow_enabled":{"type":"bool","description_kind":"plain","computed":true},"proxyuser":{"type":"string","description_kind":"plain","computed":true},"proxyuser_managed":{"type":"bool","description_kind":"plain","computed":true},"proxyuser_password":{"type":"string","description_kind":"plain","computed":true,"sensitive":true},"remove_user_on_session_end":{"type":"bool","description":"Remove local accounts upon session termination - Windows only ","description_kind":"plain","optional":true},"session_type":{"type":"string","description":"Login session type that the system supports","description_kind":"plain","computed":true},"sshkey_algorithm":{"type":"string","description":"SSH Key Generation Algorithm","description_kind":"plain","computed":true},"sshkey_historycleanup_duration":{"type":"number","description":"SSH key history cleanup (days)","description_kind":"plain","computed":true},"sshkey_rotate_interval":{"type":"number","description":"SSH key rotation interval (days)","description_kind":"plain","computed":true},"status":{"type":"string","description_kind":"plain","computed":true},"system_timezone":{"type":"string","description":"System time zone","description_kind":"plain","optional":true,"computed":true},"use_domain_assignment_for_zonerole_approvers":{"type":"bool","description":"Approver list - Use domain assignments","description_kind":"plain","computed":true},"use_domain_assignment_for_zoneroles":{"type":"bool","description":"Assignable Zone Roles - Use domain assignments","description_kind":"plain","computed":true},"use_domainadmin_for_zonerole_workflow":{"type":"bool","description":"Use Domain Administrator Account for Zone Role Workflow operations","description_kind":"plain","computed":true},"use_my_account":{"type":"bool","description":"Enable Use My Account","description_kind":"plain","optional":true}},"block_types":{"agent_auth_workflow_approver":{"nesting_mode":"list","block":{"attributes":{"guid":{"type":"string","description":"ID of the principal","description_kind":"plain","optional":true},"name":{"type":"string","description":"User or role name of the approver","description_kind":"plain","optional":true},"no_manager_action":{"type":"string","description":"Type of principal","description_kind":"plain","optional":true},"options_selector":{"type":"bool","description_kind":"plain","optional":true},"type":{"type":"string","description":"Type of principal","description_kind":"plain","optional":true}},"block_types":{"backup_approver":{"nesting_mode":"list","block":{"attributes":{"guid":{"type":"string","description":"ID of the principal","description_kind":"plain","optional":true},"name":{"type":"string","description":"User or role name of the approver","description_kind":"plain","optional":true},"type":{"type":"string","description":"Type of principal","description_kind":"plain","optional":true}},"description_kind":"plain"},"max_items":1}},"description":"Workflow approvers","description_kind":"plain"}},"assigned_zonerole":{"nesting_mode":"set","block":{"attributes":{"description":{"type":"string","description":"Description of the zone role","description_kind":"plain","optional":true},"name":{"type":"string","description":"Zone role name. In the format of \u003czone role name\u003e/\u003czone name\u003e","description_kind":"plain","required":true},"parent_zone_dn":{"type":"string","description":"DN of the parent zone","description_kind":"plain","optional":true},"unix":{"type":"bool","description":"The zone role is for Unix","description_kind":"plain","optional":true},"windows":{"type":"bool","description":"The zone role is for Windows","description_kind":"plain","optional":true},"zone_canonical_name":{"type":"string","description":"Cannoical name of the zone","description_kind":"plain","optional":true},"zone_description":{"type":"string","description":"Description of the zone","description_kind":"plain","optional":true},"zone_dn":{"type":"string","description":"Distinguished Name (DN) of the zone","description_kind":"plain","optional":true}},"description":"Zone Role","description_kind":"plain"}},"assigned_zonerole_approver":{"nesting_mode":"list","block":{"attributes":{"guid":{"type":"string","description":"ID of the principal","description_kind":"plain","optional":true},"name":{"type":"string","description":"User or role name of the approver","description_kind":"plain","optional":true},"no_manager_action":{"type":"string","description":"Type of principal","description_kind":"plain","optional":true},"options_selector":{"type":"bool","description_kind":"plain","optional":true},"type":{"type":"string","description":"Type of principal","description_kind":"plain","optional":true}},"block_types":{"backup_approver":{"nesting_mode":"list","block":{"attributes":{"guid":{"type":"string","description":"ID of the principal","description_kind":"plain","optional":true},"name":{"type":"string","description":"User or role name of the approver","description_kind":"plain","optional":true},"type":{"type":"string","description":"Type of principal","description_kind":"plain","optional":true}},"description_kind":"plain"},"max_items":1}},"description":"Workflow approvers","description_kind":"plain"}},"challenge_rule":{"nesting_mode":"list","block":{"attributes":{"authentication_profile_id":{"type":"string","description":"Authentication Profile (if all conditions met)","description_kind":"plain","optional":true}},"block_types":{"rule":{"nesting_mode":"set","block":{"attributes":{"condition":{"type":"string","description_kind":"plain","required":true},"filter":{"type":"string","description_kind":"plain","required":true},"value":{"type":"string","description_kind":"plain","optional":true}},"description_kind":"plain"}}},"description":"Authentication rules","description_kind":"plain"}},"privilege_elevation_rule":{"nesting_mode":"list","block":{"attributes":{"authentication_profile_id":{"type":"string","description":"Authentication Profile (if all conditions met)","description_kind":"plain","optional":true}},"block_types":{"rule":{"nesting_mode":"set","block":{"attributes":{"condition":{"type":"string","description_kind":"plain","required":true},"filter":{"type":"string","description_kind":"plain","required":true},"value":{"type":"string","description_kind":"plain","optional":true}},"description_kind":"plain"}}},"description":"Authentication rules","description_kind":"plain"}},"privilege_elevation_workflow_approver":{"nesting_mode":"list","block":{"attributes":{"guid":{"type":"string","description":"ID of the principal","description_kind":"plain","optional":true},"name":{"type":"string","description":"User or role name of the approver","description_kind":"plain","optional":true},"no_manager_action":{"type":"string","description":"Type of principal","description_kind":"plain","optional":true},"options_selector":{"type":"bool","description_kind":"plain","optional":true},"type":{"type":"string","description":"Type of principal","description_kind":"plain","optional":true}},"block_types":{"backup_approver":{"nesting_mode":"list","block":{"attributes":{"guid":{"type":"string","description":"ID of the principal","description_kind":"plain","optional":true},"name":{"type":"string","description":"User or role name of the approver","description_kind":"plain","optional":true},"type":{"type":"string","description":"Type of principal","description_kind":"plain","optional":true}},"description_kind":"plain"},"max_items":1}},"description":"Workflow approvers","description_kind":"plain"}}},"description_kind":"plain","deprecated":true}},"centrifyvault_webapp_generic":{"version":0,"block":{"attributes":{"additional_login_field":{"type":"string","description":"The CSS Selector for any Additional Login Field required to login besides username and password, such as Company name or Agency ID. For example, the selector could be input#login-company-id. This entry is required only if there is an additional login field besides username and password.","description_kind":"plain","computed":true},"additional_login_field_value":{"type":"string","description":"The value for the Additional Login Field. For example, if there is an additional login field for the company name, enter the company name here. This entry is required if Additional Login Field is set.","description_kind":"plain","computed":true},"default_profile_id":{"type":"string","description":"Default authentication profile ID","description_kind":"plain","computed":true},"description":{"type":"string","description":"Description of the Web App","description_kind":"plain","computed":true},"form_field":{"type":"string","description":"The CSS Selector for the form field of the login form, for example, form#loginForm.","description_kind":"plain","computed":true},"hostname_suffix":{"type":"string","description":"The host name suffix for the url of the login form, for example, acme.com.","description_kind":"plain","computed":true},"id":{"type":"string","description_kind":"plain","optional":true,"computed":true},"name":{"type":"string","description":"Name of the Web App","description_kind":"plain","required":true},"order":{"type":"string","description":"Use this field to specify the order of login if it is not username, password and submit.","description_kind":"plain","optional":true},"password":{"type":"string","description":"Password for all user share one name","description_kind":"plain","computed":true,"sensitive":true},"password_field":{"type":"string","description":"The CSS Selector for the password field in the login form, for example, input#login-password.","description_kind":"plain","computed":true},"policy_script":{"type":"string","description":"Use script to specify authentication rules (configured rules are ignored)","description_kind":"plain","computed":true},"script":{"type":"string","description":"Script to log the user in to this application","description_kind":"plain","computed":true},"selector_timeout":{"type":"number","description":"Use this field to indicate the number of milliseconds to wait for the expected input selectors to load before timing out on failure. A zero or negative number means no timeout.","description_kind":"plain","computed":true},"submit_field":{"type":"string","description":"The CSS Selector for the Submit button in the login form, for example, input#login-button. This entry is optional. It is required only if you cannot submit the form by pressing the enter key.","description_kind":"plain","computed":true},"template_name":{"type":"string","description":"Template name of the Web App","description_kind":"plain","computed":true},"url":{"type":"string","description_kind":"plain","computed":true},"use_ad_login_pw":{"type":"bool","description":"Use the login password supplied by the user (Active Directory users only)","description_kind":"plain","computed":true},"use_ad_login_pw_by_script":{"type":"bool","description":"Use the login password supplied by the user for account mapping script (Active Directory users only)","description_kind":"plain","computed":true},"user_map_script":{"type":"string","description":"Account mapping script","description_kind":"plain","computed":true},"username":{"type":"string","description":"All users share the user name. Applicable if 'username_strategy' is 'Fixed'","description_kind":"plain","computed":true},"username_field":{"type":"string","description":"The CSS Selector for the user name field in the login form, for example, input#login-username.","description_kind":"plain","computed":true},"username_strategy":{"type":"string","description":"Account mapping","description_kind":"plain","computed":true},"workflow_enabled":{"type":"bool","description_kind":"plain","computed":true}},"block_types":{"challenge_rule":{"nesting_mode":"list","block":{"attributes":{"authentication_profile_id":{"type":"string","description":"Authentication Profile (if all conditions met)","description_kind":"plain","optional":true}},"block_types":{"rule":{"nesting_mode":"set","block":{"attributes":{"condition":{"type":"string","description_kind":"plain","required":true},"filter":{"type":"string","description_kind":"plain","required":true},"value":{"type":"string","description_kind":"plain","optional":true}},"description_kind":"plain"}}},"description":"Authentication rules","description_kind":"plain"}},"workflow_approver":{"nesting_mode":"list","block":{"attributes":{"guid":{"type":"string","description":"ID of the principal","description_kind":"plain","optional":true},"name":{"type":"string","description":"User or role name of the approver","description_kind":"plain","optional":true},"no_manager_action":{"type":"string","description":"Type of principal","description_kind":"plain","optional":true},"options_selector":{"type":"bool","description_kind":"plain","optional":true},"type":{"type":"string","description":"Type of principal","description_kind":"plain","optional":true}},"block_types":{"backup_approver":{"nesting_mode":"list","block":{"attributes":{"guid":{"type":"string","description":"ID of the principal","description_kind":"plain","optional":true},"name":{"type":"string","description":"User or role name of the approver","description_kind":"plain","optional":true},"type":{"type":"string","description":"Type of principal","description_kind":"plain","optional":true}},"description_kind":"plain"},"max_items":1}},"description":"Workflow approvers","description_kind":"plain"}}},"description_kind":"plain","deprecated":true}},"centrifyvault_webapp_oauth":{"version":0,"block":{"attributes":{"application_id":{"type":"string","description":"Application ID. Specify the name or 'target' that the mobile application uses to find this application.","description_kind":"plain","required":true},"description":{"type":"string","description":"Description of the Web App","description_kind":"plain","computed":true},"id":{"type":"string","description_kind":"plain","optional":true,"computed":true},"name":{"type":"string","description":"Name of the Web App","description_kind":"plain","required":true},"oidc_script":{"type":"string","description_kind":"plain","optional":true,"computed":true},"script":{"type":"string","description":"Script to customize JWT token creation for this application","description_kind":"plain","computed":true},"template_name":{"type":"string","description":"Template name of the Web App","description_kind":"plain","computed":true}},"block_types":{"oauth_profile":{"nesting_mode":"list","block":{"attributes":{"allow_refresh":{"type":"bool","description":"Issue refresh tokens","description_kind":"plain","optional":true},"allow_scope_select":{"type":"bool","description":"Allow scope selection","description_kind":"plain","optional":true},"allowed_auth":{"type":["set","string"],"description":"Authentication methods","description_kind":"plain","required":true},"allowed_clients":{"type":["set","string"],"description":"Allowed clients","description_kind":"plain","optional":true},"audience":{"type":"string","description":"OAuth server audience","description_kind":"plain","optional":true},"clientid_type":{"type":"number","description":"ClientID type","description_kind":"plain","required":true},"confirm_authorization":{"type":"bool","description":"User must confirm authorization request","description_kind":"plain","optional":true},"issuer":{"type":"string","description":"OAuth server issuer","description_kind":"plain","optional":true},"must_oauth_client":{"type":"bool","description":"Must be OAuth Client","description_kind":"plain","optional":true},"redirects":{"type":["set","string"],"description":"Redirects","description_kind":"plain","optional":true},"refresh_lifetime":{"type":"string","description":"Refresh token lifetime","description_kind":"plain","optional":true},"target_is_us":{"type":"bool","description_kind":"plain","optional":true},"token_lifetime":{"type":"string","description":"Token lifetime","description_kind":"plain","required":true},"token_type":{"type":"string","description":"ClientID type","description_kind":"plain","required":true}},"block_types":{"scope":{"nesting_mode":"set","block":{"attributes":{"allowed_rest_apis":{"type":["set","string"],"description":"Allowed REST APIs","description_kind":"plain","optional":true},"description":{"type":"string","description_kind":"plain","optional":true},"name":{"type":"string","description_kind":"plain","required":true}},"description":"Scope definitions","description_kind":"plain"}}},"description_kind":"plain"},"max_items":1}},"description_kind":"plain","deprecated":true}},"centrifyvault_webapp_oidc":{"version":0,"block":{"attributes":{"application_id":{"type":"string","description":"Application ID. Specify the name or 'target' that the mobile application uses to find this application.","description_kind":"plain","required":true},"default_profile_id":{"type":"string","description":"Default authentication profile ID","description_kind":"plain","computed":true},"description":{"type":"string","description":"Description of the Web App","description_kind":"plain","computed":true},"id":{"type":"string","description_kind":"plain","optional":true,"computed":true},"name":{"type":"string","description":"Name of the Web App","description_kind":"plain","required":true},"oidc_script":{"type":"string","description_kind":"plain","optional":true,"computed":true},"policy_script":{"type":"string","description":"Use script to specify authentication rules (configured rules are ignored)","description_kind":"plain","computed":true},"template_name":{"type":"string","description":"Template name of the Web App","description_kind":"plain","computed":true},"user_map_script":{"type":"string","description":"Account mapping script. Applicable if 'username_strategy' is 'UseScript'","description_kind":"plain","optional":true},"username":{"type":"string","description":"All users share the user name. Applicable if 'username_strategy' is 'Fixed'","description_kind":"plain","computed":true},"username_strategy":{"type":"string","description":"Account mapping","description_kind":"plain","computed":true},"workflow_enabled":{"type":"bool","description_kind":"plain","computed":true}},"block_types":{"challenge_rule":{"nesting_mode":"list","block":{"attributes":{"authentication_profile_id":{"type":"string","description":"Authentication Profile (if all conditions met)","description_kind":"plain","optional":true}},"block_types":{"rule":{"nesting_mode":"set","block":{"attributes":{"condition":{"type":"string","description_kind":"plain","required":true},"filter":{"type":"string","description_kind":"plain","required":true},"value":{"type":"string","description_kind":"plain","optional":true}},"description_kind":"plain"}}},"description":"Authentication rules","description_kind":"plain"}},"oauth_profile":{"nesting_mode":"list","block":{"attributes":{"allow_refresh":{"type":"bool","description":"Issue refresh tokens","description_kind":"plain","optional":true},"application_url":{"type":"string","description":"Resource application URL. The OpenID Connect Service Provider URL","description_kind":"plain","required":true},"client_id":{"type":"string","description":"The OpenID Client ID for this Identity Provider","description_kind":"plain","computed":true},"client_secret":{"type":"string","description":"The OpenID Client Secret for this Identity Provider","description_kind":"plain","optional":true,"sensitive":true},"issuer":{"type":"string","description":"The OpenID Connect Issuer URL for this application","description_kind":"plain","computed":true},"redirects":{"type":["set","string"],"description":"Authorized Redirect URIs. Redirect URI that the Service Provider will specify in the OpenID Connect request to Centrify","description_kind":"plain","required":true},"refresh_lifetime":{"type":"string","description":"Refresh token lifetime","description_kind":"plain","optional":true},"script":{"type":"string","description":"Script to generate OpenID Connect Authorization and UserInfo responses for this application","description_kind":"plain","optional":true},"token_lifetime":{"type":"string","description":"Token lifetime","description_kind":"plain","required":true}},"description_kind":"plain"},"max_items":1},"workflow_approver":{"nesting_mode":"list","block":{"attributes":{"guid":{"type":"string","description":"ID of the principal","description_kind":"plain","optional":true},"name":{"type":"string","description":"User or role name of the approver","description_kind":"plain","optional":true},"no_manager_action":{"type":"string","description":"Type of principal","description_kind":"plain","optional":true},"options_selector":{"type":"bool","description_kind":"plain","optional":true},"type":{"type":"string","description":"Type of principal","description_kind":"plain","optional":true}},"block_types":{"backup_approver":{"nesting_mode":"list","block":{"attributes":{"guid":{"type":"string","description":"ID of the principal","description_kind":"plain","optional":true},"name":{"type":"string","description":"User or role name of the approver","description_kind":"plain","optional":true},"type":{"type":"string","description":"Type of principal","description_kind":"plain","optional":true}},"description_kind":"plain"},"max_items":1}},"description":"Workflow approvers","description_kind":"plain"}}},"description_kind":"plain","deprecated":true}},"centrifyvault_webapp_saml":{"version":0,"block":{"attributes":{"acs_url":{"type":"string","description":"Assertion Consumer Service (ACS) URL","description_kind":"plain","computed":true},"app_entity_id":{"type":"string","description":"Cloudera Entity ID or JIRA Cloud SP Entity ID","description_kind":"plain","optional":true},"application_id":{"type":"string","description":"Application ID. Specify the name or 'target' that the mobile application uses to find this application.","description_kind":"plain","optional":true},"authn_context_class":{"type":"string","description":"Select the Authentication Context Class that your Service Provider specifies to use. If SP does not specify one, select 'unspecified'.","description_kind":"plain","computed":true},"corp_identifier":{"type":"string","description":"AWS Account ID or Jira Cloud Subdomain","description_kind":"plain","optional":true},"default_profile_id":{"type":"string","description":"Default authentication profile ID","description_kind":"plain","computed":true},"description":{"type":"string","description":"Description of the Web App","description_kind":"plain","computed":true},"id":{"type":"string","description_kind":"plain","optional":true,"computed":true},"idp_metadata_url":{"type":"string","description_kind":"plain","computed":true},"name":{"type":"string","description":"Name of the Web App","description_kind":"plain","required":true},"name_id_format":{"type":"string","description":"This is the Format attribute value in the \u003cNameID\u003e element in SAML Response. Select the NameID Format that your Service Provider specifies to use. If SP does not specify one, select 'unspecified'.","description_kind":"plain","computed":true},"policy_script":{"type":"string","description":"Use script to specify authentication rules (configured rules are ignored)","description_kind":"plain","computed":true},"recipient":{"type":"string","description":"Service Provider recipient if it is different from ACS URL","description_kind":"plain","computed":true},"recipient_sameas_acs_url":{"type":"bool","description":"Recipient is same as ACS URL","description_kind":"plain","computed":true},"relay_state":{"type":"string","description":"If your Service Provider specifies a Relay State value to use, specify it here.","description_kind":"plain","computed":true},"saml_script":{"type":"string","description":"Javascript used to produce custom logic for SAML response","description_kind":"plain","computed":true},"sign_assertion":{"type":"bool","description":"Sign assertion if true, otherwise sign response","description_kind":"plain","computed":true},"sp_entity_id":{"type":"string","description":"SP Entity ID, also known as SP Issuer, or Audience, is a value given by your Service Provider","description_kind":"plain","optional":true},"sp_metadata_url":{"type":"string","description_kind":"plain","computed":true},"sp_metadata_xml":{"type":"string","description":"Service Provider metadata in XML format","description_kind":"plain","computed":true},"sp_single_logout_url":{"type":"string","description":"Single Logout URL","description_kind":"plain","computed":true},"template_name":{"type":"string","description":"Template name of the Web App","description_kind":"plain","computed":true},"user_map_script":{"type":"string","description":"Account mapping script. Applicable if 'username_strategy' is 'UseScript'","description_kind":"plain","computed":true},"username":{"type":"string","description":"All users share the user name. Applicable if 'username_strategy' is 'Fixed'","description_kind":"plain","computed":true},"username_strategy":{"type":"string","description":"Account mapping","description_kind":"plain","computed":true},"workflow_enabled":{"type":"bool","description_kind":"plain","computed":true}},"block_types":{"challenge_rule":{"nesting_mode":"list","block":{"attributes":{"authentication_profile_id":{"type":"string","description":"Authentication Profile (if all conditions met)","description_kind":"plain","optional":true}},"block_types":{"rule":{"nesting_mode":"set","block":{"attributes":{"condition":{"type":"string","description_kind":"plain","required":true},"filter":{"type":"string","description_kind":"plain","required":true},"value":{"type":"string","description_kind":"plain","optional":true}},"description_kind":"plain"}}},"description":"Authentication rules","description_kind":"plain"}},"saml_attribute":{"nesting_mode":"set","block":{"attributes":{"name":{"type":"string","description_kind":"plain","optional":true},"value":{"type":"string","description_kind":"plain","optional":true}},"description":"Map attributes from your source directory to SAML attributes that should be included in the SAML response for this application.","description_kind":"plain"}},"workflow_approver":{"nesting_mode":"list","block":{"attributes":{"guid":{"type":"string","description":"ID of the principal","description_kind":"plain","optional":true},"name":{"type":"string","description":"User or role name of the approver","description_kind":"plain","optional":true},"no_manager_action":{"type":"string","description":"Type of principal","description_kind":"plain","optional":true},"options_selector":{"type":"bool","description_kind":"plain","optional":true},"type":{"type":"string","description":"Type of principal","description_kind":"plain","optional":true}},"block_types":{"backup_approver":{"nesting_mode":"list","block":{"attributes":{"guid":{"type":"string","description":"ID of the principal","description_kind":"plain","optional":true},"name":{"type":"string","description":"User or role name of the approver","description_kind":"plain","optional":true},"type":{"type":"string","description":"Type of principal","description_kind":"plain","optional":true}},"description_kind":"plain"},"max_items":1}},"description":"Workflow approvers","description_kind":"plain"}}},"description_kind":"plain","deprecated":true}}}}}}
