{"format_version":"0.2","provider_schemas":{"registry.terraform.io/cgroschupp/bitbucket":{"provider":{"version":0,"block":{"attributes":{"password":{"type":"string","description":"Password for the user accessing the API. Can be specified with the `BITBUCKET_PASSWORD` environment variable.","description_kind":"plain","optional":true,"sensitive":true},"username":{"type":"string","description":"Local user name for the bitbucket API. Can be specified with the `BITBUCKET_USERNAME` environment variable.","description_kind":"plain","optional":true}},"description_kind":"plain"}},"resource_schemas":{"bitbucket_branch_restriction":{"version":0,"block":{"attributes":{"id":{"type":"string","description":"The ID of the branch restriction.","description_kind":"plain","computed":true},"kind":{"type":"string","description":"Branch restrictions of this type.","description_kind":"plain","required":true},"pattern":{"type":"string","description":"Branch restrictions applied to branches of this pattern.","description_kind":"plain","required":true},"repository":{"type":"string","description":"This can either be the repository slug or the UUID of the repository.","description_kind":"plain","required":true},"value":{"type":"number","description":"Value with kind-specific semantics: `require_approvals_to_merge` uses it to require a minimum number of approvals on a PR; `require_default_reviewer_approvals_to_merge` uses it to require a minimum number of approvals from default reviewers on a PR; `require_passing_builds_to_merge` uses it to require a minimum number of passing builds.","description_kind":"plain","optional":true},"workspace":{"type":"string","description":"This can either be the workspace ID (slug) or the workspace UUID.","description_kind":"plain","required":true}},"description":"`bitbucket_branch_restriction` manages a branch restriction rule for a repository.","description_kind":"plain"}},"bitbucket_default_reviewer":{"version":0,"block":{"attributes":{"id":{"type":"string","description":"The ID of the default reviewer.","description_kind":"plain","computed":true},"repository":{"type":"string","description":"This can either be the repository slug or the UUID of the repository.","description_kind":"plain","required":true},"user":{"type":"string","description":"This can either be the username or the user UUID.","description_kind":"plain","required":true},"workspace":{"type":"string","description":"This can either be the workspace ID (slug) or the workspace UUID.","description_kind":"plain","required":true}},"description":"`bitbucket_default_reviewers` manages default reviewers for a repository.","description_kind":"plain"}},"bitbucket_group_permission":{"version":0,"block":{"attributes":{"group":{"type":"string","description":"This can either be the group or the group UUID.","description_kind":"plain","required":true},"id":{"type":"string","description":"The ID of the group permission.","description_kind":"plain","computed":true},"permission":{"type":"string","description":"Permission of the group.","description_kind":"plain","required":true},"repository":{"type":"string","description":"This can either be the repository slug or the UUID of the repository.","description_kind":"plain","required":true},"workspace":{"type":"string","description":"This can either be the workspace ID (slug) or the workspace UUID.","description_kind":"plain","required":true}},"description":"`bitbucket_group_permission` manages group permission for a repository.","description_kind":"plain"}},"bitbucket_pipeline_variable":{"version":0,"block":{"attributes":{"id":{"type":"string","description":"The ID of the pipeline variable.","description_kind":"plain","computed":true},"key":{"type":"string","description":"The unique name of the variable.","description_kind":"plain","required":true},"repository":{"type":"string","description":"This can either be the repository slug or the UUID of the repository.","description_kind":"plain","required":true},"secured":{"type":"bool","description":"If true, this variable will be treated as secured. The value will never be exposed in the logs or the REST API.","description_kind":"plain","optional":true},"value":{"type":"string","description":"The value of the variable. If the variable is secured, this will be empty.","description_kind":"plain","required":true},"workspace":{"type":"string","description":"This can either be the workspace ID (slug) or the workspace UUID.","description_kind":"plain","required":true}},"description":"bitbucket_pipeline_variable` manages a bitbucket pipeline variable.","description_kind":"plain"}},"bitbucket_project":{"version":0,"block":{"attributes":{"description":{"type":"string","description":"The description of the project.","description_kind":"plain","optional":true},"id":{"type":"string","description":"The ID of the project.","description_kind":"plain","computed":true},"key":{"type":"string","description":"The key of the project.","description_kind":"plain","required":true},"name":{"type":"string","description":"The name of the project.","description_kind":"plain","required":true},"workspace":{"type":"string","description":"The name of the workspace where the project is created.","description_kind":"plain","required":true}},"description":"`bitbucket_project` manages a bitbucket project.","description_kind":"plain"}},"bitbucket_repository":{"version":0,"block":{"attributes":{"description":{"type":"string","description":"The description of the repository.","description_kind":"plain","optional":true},"id":{"type":"string","description":"The ID of the repository.","description_kind":"plain","computed":true},"name":{"type":"string","description":"The name of the repository.","description_kind":"plain","required":true},"workspace":{"type":"string","description":"The name of the workspace where the repository is created.","description_kind":"plain","required":true}},"description":"`bitbucket_repository` manages a bitbucket repository.","description_kind":"plain"}}},"data_source_schemas":{"bitbucket_repository":{"version":0,"block":{"attributes":{"id":{"type":"string","description":"The ID of the repository.","description_kind":"plain","computed":true},"name":{"type":"string","description":"The name of the repository.","description_kind":"plain","required":true},"workspace":{"type":"string","description":"The Workspace of the repository.","description_kind":"plain","required":true}},"description":"`bitbucket_repository` data source can be used to retrieve the UUID for a reposistory by name and workspace.","description_kind":"plain"}},"bitbucket_workspace":{"version":0,"block":{"attributes":{"id":{"type":"string","description_kind":"plain","optional":true,"computed":true},"name":{"type":"string","description":"The name of the workspace.","description_kind":"plain","required":true}},"description":"`bitbucket_workspace` data source can be used to retrieve the UUID for a workspace by name.","description_kind":"plain"}}}}}}
