{"format_version":"0.2","provider_schemas":{"registry.terraform.io/chanzuckerberg/bless":{"provider":{"version":0,"block":{"attributes":{"profile":{"type":"string","description_kind":"plain","optional":true},"region":{"type":"string","description_kind":"plain","required":true},"role_arn":{"type":"string","description_kind":"plain","optional":true}},"description_kind":"plain"}},"resource_schemas":{"bless_ca":{"version":0,"block":{"attributes":{"encrypted_ca":{"type":"string","description":"This is the base64 encoded CA encrypted private key.","description_kind":"plain","computed":true},"encrypted_password":{"type":"string","description":"This is the kms encrypted password.","description_kind":"plain","computed":true},"id":{"type":"string","description_kind":"plain","optional":true,"computed":true},"kms_key_id":{"type":"string","description":"The kms key with which we should encrypt the CA password.","description_kind":"plain","required":true},"public_key":{"type":"string","description":"This is the plaintext CA public key in openssh format.","description_kind":"plain","computed":true}},"description_kind":"plain"}},"bless_ecdsa_ca":{"version":0,"block":{"attributes":{"encrypted_ca":{"type":"string","description":"This is the base64 encoded CA encrypted private key.","description_kind":"plain","computed":true},"encrypted_password":{"type":"string","description":"This is the kms encrypted password.","description_kind":"plain","computed":true},"id":{"type":"string","description_kind":"plain","optional":true,"computed":true},"kms_key_id":{"type":"string","description":"The kms key with which we should encrypt the CA password.","description_kind":"plain","required":true},"public_key":{"type":"string","description":"This is the plaintext CA public key in openssh format.","description_kind":"plain","computed":true}},"description_kind":"plain"}}},"data_source_schemas":{"bless_kms_public_key":{"version":0,"block":{"attributes":{"id":{"type":"string","description_kind":"plain","optional":true,"computed":true},"kms_key_id":{"type":"string","description":"The kms key we should get the public key","description_kind":"plain","required":true},"public_key":{"type":"string","description":"This is the CA public key in openssh format","description_kind":"plain","computed":true}},"description_kind":"plain"}}}}}}
