{"format_version":"0.2","provider_schemas":{"registry.terraform.io/chattyops/chattyops":{"provider":{"version":0,"block":{"attributes":{"auth_token":{"type":"string","description_kind":"plain","required":true,"sensitive":true}},"description_kind":"plain"}},"resource_schemas":{"chattyops_aws_service_health_trigger":{"version":0,"block":{"attributes":{"id":{"type":"string","description_kind":"plain","optional":true,"computed":true},"region":{"type":"string","description_kind":"plain","required":true},"uuid":{"type":"string","description_kind":"plain","computed":true}},"description":"Sample resource in the Terraform provider scaffolding.","description_kind":"markdown"}},"chattyops_google_agent":{"version":0,"block":{"attributes":{"api_key":{"type":"string","description":"Google Auth API Key","description_kind":"markdown","required":true,"sensitive":true},"id":{"type":"string","description_kind":"plain","optional":true,"computed":true},"uuid":{"type":"string","description_kind":"plain","computed":true}},"description":"Sample resource in the Terraform provider scaffolding.","description_kind":"markdown"}},"chattyops_google_spreadsheet_sink":{"version":0,"block":{"attributes":{"agent_id":{"type":"string","description_kind":"plain","required":true},"id":{"type":"string","description_kind":"plain","optional":true,"computed":true},"spreadsheet_id":{"type":"string","description_kind":"plain","required":true},"uuid":{"type":"string","description_kind":"plain","computed":true}},"description":"Sample resource in the Terraform provider scaffolding.","description_kind":"markdown"}},"chattyops_jira_agent":{"version":0,"block":{"attributes":{"base_url":{"type":"string","description_kind":"plain","required":true},"id":{"type":"string","description_kind":"plain","optional":true,"computed":true},"password":{"type":"string","description_kind":"plain","required":true,"sensitive":true},"username":{"type":"string","description_kind":"plain","required":true},"uuid":{"type":"string","description_kind":"plain","computed":true}},"description":"Sample resource in the Terraform provider scaffolding.","description_kind":"markdown"}},"chattyops_jira_ticket_sink":{"version":0,"block":{"attributes":{"agent_id":{"type":"string","description_kind":"plain","required":true},"id":{"type":"string","description_kind":"plain","optional":true,"computed":true},"project":{"type":"string","description_kind":"plain","required":true},"uuid":{"type":"string","description_kind":"plain","computed":true}},"description":"Sample resource in the Terraform provider scaffolding.","description_kind":"markdown"}},"chattyops_servicenow_agent":{"version":0,"block":{"attributes":{"base_url":{"type":"string","description_kind":"plain","required":true},"id":{"type":"string","description_kind":"plain","optional":true,"computed":true},"password":{"type":"string","description_kind":"plain","required":true,"sensitive":true},"username":{"type":"string","description_kind":"plain","required":true},"uuid":{"type":"string","description_kind":"plain","computed":true}},"description":"Sample resource in the Terraform provider scaffolding.","description_kind":"markdown"}},"chattyops_servicenow_form_sink":{"version":0,"block":{"attributes":{"agent_id":{"type":"string","description_kind":"plain","required":true},"form_id":{"type":"string","description_kind":"plain","required":true},"id":{"type":"string","description_kind":"plain","optional":true,"computed":true},"uuid":{"type":"string","description_kind":"plain","computed":true}},"description":"Sample resource in the Terraform provider scaffolding.","description_kind":"markdown"}},"chattyops_slack_agent":{"version":0,"block":{"attributes":{"bot_oauth_token":{"type":"string","description":"Slack Bot OAuth Token","description_kind":"markdown","required":true,"sensitive":true},"id":{"type":"string","description_kind":"plain","optional":true,"computed":true},"username":{"type":"string","description":"The Slack Bot username","description_kind":"markdown","optional":true},"uuid":{"type":"string","description_kind":"plain","computed":true}},"description":"Sample resource in the Terraform provider scaffolding.","description_kind":"markdown"}},"chattyops_slack_form":{"version":0,"block":{"attributes":{"id":{"type":"string","description_kind":"plain","optional":true,"computed":true},"title":{"type":"string","description_kind":"plain","required":true},"uuid":{"type":"string","description_kind":"plain","computed":true}},"block_types":{"on_submit":{"nesting_mode":"set","block":{"block_types":{"sink":{"nesting_mode":"set","block":{"attributes":{"id":{"type":"string","description_kind":"plain","optional":true}},"description":"Sinks to send the form data to","description_kind":"markdown"},"min_items":1}},"description":"Actions to occur on submission of the form","description_kind":"markdown"},"min_items":1},"text_box":{"nesting_mode":"set","block":{"attributes":{"id":{"type":"string","description_kind":"plain","optional":true},"label":{"type":"string","description_kind":"plain","required":true}},"description_kind":"plain"}}},"description":"Sample resource in the Terraform provider scaffolding.","description_kind":"markdown"}},"chattyops_slack_message":{"version":0,"block":{"attributes":{"id":{"type":"string","description_kind":"plain","optional":true,"computed":true},"in_channel":{"type":"string","description_kind":"plain","optional":true},"uuid":{"type":"string","description_kind":"plain","computed":true}},"block_types":{"section":{"nesting_mode":"set","block":{"block_types":{"button":{"nesting_mode":"set","block":{"attributes":{"text":{"type":"string","description_kind":"plain","required":true}},"block_types":{"on_press":{"nesting_mode":"set","block":{"attributes":{"context":{"type":["map","string"],"description_kind":"plain","optional":true},"send_message_id":{"type":"string","description_kind":"plain","optional":true},"show_slack_form_id":{"type":"string","description_kind":"plain","optional":true}},"description_kind":"plain"},"min_items":1}},"description_kind":"plain"}},"message":{"nesting_mode":"set","block":{"attributes":{"markdown":{"type":"string","description_kind":"plain","required":true}},"description_kind":"plain"}}},"description":"Slack Section Block","description_kind":"markdown"},"min_items":1}},"description":"Sample resource in the Terraform provider scaffolding.","description_kind":"markdown"}},"chattyops_slack_message_trigger":{"version":0,"block":{"attributes":{"agent_id":{"type":"string","description_kind":"plain","required":true},"id":{"type":"string","description_kind":"plain","optional":true,"computed":true},"in_channel":{"type":"string","description_kind":"plain","required":true},"matching_pattern":{"type":"string","description_kind":"plain","optional":true},"uuid":{"type":"string","description_kind":"plain","computed":true}},"block_types":{"respond_with":{"nesting_mode":"set","block":{"attributes":{"context":{"type":["map","string"],"description_kind":"plain","optional":true},"message_id":{"type":"string","description_kind":"plain","optional":true}},"description":"Slack Message Response","description_kind":"markdown"},"min_items":1}},"description":"Sample resource in the Terraform provider scaffolding.","description_kind":"markdown"}}},"data_source_schemas":{"scaffolding_data_source":{"version":0,"block":{"attributes":{"id":{"type":"string","description_kind":"plain","optional":true,"computed":true},"sample_attribute":{"type":"string","description":"Sample attribute.","description_kind":"markdown","required":true}},"description":"Sample data source in the Terraform provider scaffolding.","description_kind":"markdown"}}}}}}
