{"format_version":"0.2","provider_schemas":{"registry.terraform.io/chaurasia-namrata/zoomus":{"provider":{"version":0,"block":{"attributes":{"zoom_api_key":{"type":"string","description_kind":"plain","optional":true},"zoom_api_secret":{"type":"string","description_kind":"plain","optional":true}},"description_kind":"plain"}},"resource_schemas":{"zoomus_user":{"version":0,"block":{"attributes":{"department":{"type":"string","description_kind":"plain","optional":true,"computed":true},"email":{"type":"string","description_kind":"plain","required":true},"first_name":{"type":"string","description_kind":"plain","required":true},"id":{"type":"string","description_kind":"plain","computed":true},"job_title":{"type":"string","description_kind":"plain","optional":true,"computed":true},"last_name":{"type":"string","description_kind":"plain","required":true},"license_type":{"type":"number","description_kind":"plain","required":true},"location":{"type":"string","description_kind":"plain","optional":true,"computed":true},"pmi":{"type":"number","description_kind":"plain","optional":true,"computed":true},"role_name":{"type":"string","description_kind":"plain","optional":true,"computed":true},"status":{"type":"string","description_kind":"plain","optional":true,"computed":true}},"description_kind":"plain"}}},"data_source_schemas":{"zoomus_user":{"version":0,"block":{"attributes":{"department":{"type":"string","description_kind":"plain","computed":true},"email":{"type":"string","description_kind":"plain","computed":true},"first_name":{"type":"string","description_kind":"plain","computed":true},"id":{"type":"string","description_kind":"plain","required":true},"job_title":{"type":"string","description_kind":"plain","computed":true},"last_name":{"type":"string","description_kind":"plain","computed":true},"license_type":{"type":"number","description_kind":"plain","computed":true},"location":{"type":"string","description_kind":"plain","computed":true},"pmi":{"type":"number","description_kind":"plain","computed":true},"role_name":{"type":"string","description_kind":"plain","computed":true},"status":{"type":"string","description_kind":"plain","computed":true}},"description_kind":"plain"}}}}}}
