{"format_version":"0.2","provider_schemas":{"registry.terraform.io/chmurakrajowa/ochk":{"provider":{"version":0,"block":{"attributes":{"debug_log_file":{"type":"string","description":"path to debug log","description_kind":"plain","optional":true,"sensitive":true},"host":{"type":"string","description":"host value","description_kind":"plain","optional":true},"insecure":{"type":"bool","description":"if set uses http scheme instead of https","description_kind":"plain","optional":true},"password":{"type":"string","description":"password value","description_kind":"plain","optional":true,"sensitive":true},"tenant":{"type":"string","description":"tenant value","description_kind":"plain","optional":true},"username":{"type":"string","description":"username value","description_kind":"plain","optional":true}},"description_kind":"plain"}},"resource_schemas":{"ochk_billing_tag":{"version":0,"block":{"attributes":{"display_name":{"type":"string","description_kind":"plain","required":true},"id":{"type":"string","description_kind":"plain","optional":true,"computed":true}},"block_types":{"timeouts":{"nesting_mode":"single","block":{"attributes":{"create":{"type":"string","description_kind":"plain","optional":true},"delete":{"type":"string","description_kind":"plain","optional":true},"update":{"type":"string","description_kind":"plain","optional":true}},"description_kind":"plain"}}},"description_kind":"plain"}},"ochk_custom_service":{"version":0,"block":{"attributes":{"created_at":{"type":"string","description_kind":"plain","computed":true},"created_by":{"type":"string","description_kind":"plain","computed":true},"display_name":{"type":"string","description_kind":"plain","required":true},"id":{"type":"string","description_kind":"plain","optional":true,"computed":true},"modified_at":{"type":"string","description_kind":"plain","computed":true},"modified_by":{"type":"string","description_kind":"plain","computed":true}},"block_types":{"ports":{"nesting_mode":"list","block":{"attributes":{"destination":{"type":["set","string"],"description_kind":"plain","required":true},"id":{"type":"string","description_kind":"plain","computed":true},"protocol":{"type":"string","description_kind":"plain","required":true},"source":{"type":["set","string"],"description_kind":"plain","required":true}},"description_kind":"plain"},"min_items":1},"timeouts":{"nesting_mode":"single","block":{"attributes":{"create":{"type":"string","description_kind":"plain","optional":true},"delete":{"type":"string","description_kind":"plain","optional":true},"update":{"type":"string","description_kind":"plain","optional":true}},"description_kind":"plain"}}},"description_kind":"plain"}},"ochk_firewall_ew_rule":{"version":0,"block":{"attributes":{"action":{"type":"string","description_kind":"plain","optional":true},"created_at":{"type":"string","description_kind":"plain","computed":true},"created_by":{"type":"string","description_kind":"plain","computed":true},"custom_services":{"type":["set","string"],"description_kind":"plain","optional":true},"destination":{"type":["set","string"],"description_kind":"plain","optional":true},"direction":{"type":"string","description_kind":"plain","optional":true},"disabled":{"type":"bool","description_kind":"plain","optional":true},"display_name":{"type":"string","description_kind":"plain","required":true},"id":{"type":"string","description_kind":"plain","optional":true,"computed":true},"ip_protocol":{"type":"string","description_kind":"plain","optional":true},"modified_at":{"type":"string","description_kind":"plain","computed":true},"modified_by":{"type":"string","description_kind":"plain","computed":true},"priority":{"type":"number","description_kind":"plain","required":true},"router_id":{"type":"string","description_kind":"plain","required":true},"services":{"type":["set","string"],"description_kind":"plain","optional":true},"source":{"type":["set","string"],"description_kind":"plain","optional":true}},"block_types":{"timeouts":{"nesting_mode":"single","block":{"attributes":{"create":{"type":"string","description_kind":"plain","optional":true},"delete":{"type":"string","description_kind":"plain","optional":true},"update":{"type":"string","description_kind":"plain","optional":true}},"description_kind":"plain"}}},"description_kind":"plain"}},"ochk_firewall_sn_rule":{"version":0,"block":{"attributes":{"action":{"type":"string","description_kind":"plain","optional":true},"created_at":{"type":"string","description_kind":"plain","computed":true},"created_by":{"type":"string","description_kind":"plain","computed":true},"custom_services":{"type":["set","string"],"description_kind":"plain","optional":true},"destination":{"type":["set","string"],"description_kind":"plain","optional":true},"direction":{"type":"string","description_kind":"plain","optional":true},"disabled":{"type":"bool","description_kind":"plain","optional":true},"display_name":{"type":"string","description_kind":"plain","required":true},"id":{"type":"string","description_kind":"plain","optional":true,"computed":true},"ip_protocol":{"type":"string","description_kind":"plain","optional":true},"modified_at":{"type":"string","description_kind":"plain","computed":true},"modified_by":{"type":"string","description_kind":"plain","computed":true},"priority":{"type":"number","description_kind":"plain","required":true},"router_id":{"type":"string","description_kind":"plain","required":true},"services":{"type":["set","string"],"description_kind":"plain","optional":true},"source":{"type":["set","string"],"description_kind":"plain","optional":true}},"block_types":{"timeouts":{"nesting_mode":"single","block":{"attributes":{"create":{"type":"string","description_kind":"plain","optional":true},"delete":{"type":"string","description_kind":"plain","optional":true},"update":{"type":"string","description_kind":"plain","optional":true}},"description_kind":"plain"}}},"description_kind":"plain"}},"ochk_ip_collection":{"version":0,"block":{"attributes":{"created_at":{"type":"string","description_kind":"plain","computed":true},"created_by":{"type":"string","description_kind":"plain","computed":true},"display_name":{"type":"string","description_kind":"plain","required":true},"id":{"type":"string","description_kind":"plain","optional":true,"computed":true},"ip_addresses":{"type":["set","string"],"description_kind":"plain","required":true},"modified_at":{"type":"string","description_kind":"plain","computed":true},"modified_by":{"type":"string","description_kind":"plain","computed":true}},"block_types":{"timeouts":{"nesting_mode":"single","block":{"attributes":{"create":{"type":"string","description_kind":"plain","optional":true},"delete":{"type":"string","description_kind":"plain","optional":true},"update":{"type":"string","description_kind":"plain","optional":true}},"description_kind":"plain"}}},"description_kind":"plain"}},"ochk_kms_key":{"version":0,"block":{"attributes":{"activation_date":{"type":"string","description_kind":"plain","computed":true},"algorithm":{"type":"string","description_kind":"plain","required":true},"created_at":{"type":"string","description_kind":"plain","computed":true},"default_iv":{"type":"string","description_kind":"plain","computed":true},"display_name":{"type":"string","description_kind":"plain","required":true},"id":{"type":"string","description_kind":"plain","optional":true,"computed":true},"key_usage":{"type":["set","string"],"description_kind":"plain","required":true},"material":{"type":"string","description_kind":"plain","optional":true,"sensitive":true},"object_type":{"type":"string","description_kind":"plain","computed":true},"private_key_id_to_unwrap":{"type":"string","description_kind":"plain","optional":true},"revocation_reason":{"type":"string","description_kind":"plain","computed":true},"sha1_fingerprint":{"type":"string","description_kind":"plain","computed":true},"sha256_fingerprint":{"type":"string","description_kind":"plain","computed":true},"size":{"type":"number","description_kind":"plain","required":true},"state":{"type":"string","description_kind":"plain","computed":true},"version":{"type":"number","description_kind":"plain","computed":true}},"block_types":{"timeouts":{"nesting_mode":"single","block":{"attributes":{"create":{"type":"string","description_kind":"plain","optional":true},"delete":{"type":"string","description_kind":"plain","optional":true}},"description_kind":"plain"}}},"description_kind":"plain"}},"ochk_router":{"version":0,"block":{"attributes":{"created_at":{"type":"string","description_kind":"plain","computed":true},"created_by":{"type":"string","description_kind":"plain","computed":true},"display_name":{"type":"string","description_kind":"plain","required":true},"id":{"type":"string","description_kind":"plain","optional":true,"computed":true},"modified_at":{"type":"string","description_kind":"plain","computed":true},"modified_by":{"type":"string","description_kind":"plain","computed":true},"parent_router_id":{"type":"string","description_kind":"plain","optional":true},"router_type":{"type":"string","description_kind":"plain","computed":true}},"block_types":{"timeouts":{"nesting_mode":"single","block":{"attributes":{"create":{"type":"string","description_kind":"plain","optional":true},"delete":{"type":"string","description_kind":"plain","optional":true},"update":{"type":"string","description_kind":"plain","optional":true}},"description_kind":"plain"}}},"description_kind":"plain"}},"ochk_security_group":{"version":0,"block":{"attributes":{"created_at":{"type":"string","description_kind":"plain","computed":true},"created_by":{"type":"string","description_kind":"plain","computed":true},"display_name":{"type":"string","description_kind":"plain","required":true},"id":{"type":"string","description_kind":"plain","optional":true,"computed":true},"modified_at":{"type":"string","description_kind":"plain","computed":true},"modified_by":{"type":"string","description_kind":"plain","computed":true}},"block_types":{"members":{"nesting_mode":"set","block":{"attributes":{"display_name":{"type":"string","description_kind":"plain","computed":true},"id":{"type":"string","description_kind":"plain","required":true},"type":{"type":"string","description_kind":"plain","required":true}},"description_kind":"plain"},"min_items":1},"timeouts":{"nesting_mode":"single","block":{"attributes":{"create":{"type":"string","description_kind":"plain","optional":true},"delete":{"type":"string","description_kind":"plain","optional":true},"update":{"type":"string","description_kind":"plain","optional":true}},"description_kind":"plain"}}},"description_kind":"plain"}},"ochk_subtenant":{"version":0,"block":{"attributes":{"description":{"type":"string","description_kind":"plain","required":true},"email":{"type":"string","description_kind":"plain","required":true},"id":{"type":"string","description_kind":"plain","optional":true,"computed":true},"memory_reserved_size_mb":{"type":"number","description_kind":"plain","required":true},"name":{"type":"string","description_kind":"plain","required":true},"networks":{"type":["set","string"],"description_kind":"plain","computed":true},"storage_reserved_size_gb":{"type":"number","description_kind":"plain","required":true},"users":{"type":["set","string"],"description_kind":"plain","required":true}},"block_types":{"timeouts":{"nesting_mode":"single","block":{"attributes":{"create":{"type":"string","description_kind":"plain","optional":true},"delete":{"type":"string","description_kind":"plain","optional":true},"update":{"type":"string","description_kind":"plain","optional":true}},"description_kind":"plain"}}},"description_kind":"plain"}},"ochk_system_tag":{"version":0,"block":{"attributes":{"display_name":{"type":"string","description_kind":"plain","required":true},"id":{"type":"string","description_kind":"plain","optional":true,"computed":true}},"block_types":{"timeouts":{"nesting_mode":"single","block":{"attributes":{"create":{"type":"string","description_kind":"plain","optional":true},"delete":{"type":"string","description_kind":"plain","optional":true},"update":{"type":"string","description_kind":"plain","optional":true}},"description_kind":"plain"}}},"description_kind":"plain"}},"ochk_virtual_machine":{"version":0,"block":{"attributes":{"backup_lists":{"type":["set","string"],"description_kind":"plain","optional":true},"billing_tags":{"type":["set","string"],"description_kind":"plain","optional":true},"created_at":{"type":"string","description_kind":"plain","computed":true},"created_by":{"type":"string","description_kind":"plain","computed":true},"deployment_id":{"type":"string","description_kind":"plain","required":true},"display_name":{"type":"string","description_kind":"plain","required":true},"encryption":{"type":"bool","description_kind":"plain","optional":true},"encryption_key_id":{"type":"string","description_kind":"plain","optional":true,"computed":true},"encryption_recrypt":{"type":"string","description_kind":"plain","optional":true,"computed":true},"id":{"type":"string","description_kind":"plain","optional":true,"computed":true},"initial_password":{"type":"string","description_kind":"plain","optional":true,"computed":true},"initial_user_name":{"type":"string","description_kind":"plain","optional":true},"ip_address":{"type":"string","description_kind":"plain","computed":true},"modified_at":{"type":"string","description_kind":"plain","computed":true},"modified_by":{"type":"string","description_kind":"plain","computed":true},"os_type":{"type":"string","description_kind":"plain","optional":true},"ovf_ip_configuration":{"type":"bool","description_kind":"plain","optional":true},"power_state":{"type":"string","description_kind":"plain","required":true},"resource_profile":{"type":"string","description_kind":"plain","required":true},"ssh_key":{"type":"string","description_kind":"plain","optional":true},"storage_policy":{"type":"string","description_kind":"plain","required":true},"subtenant_id":{"type":"string","description_kind":"plain","required":true},"system_tags":{"type":["set","string"],"description_kind":"plain","optional":true},"virtual_disk":{"type":["set",["object",{"controller_id":"number","device_type":"string","lun_id":"number","size_mb":"number"}]],"description_kind":"plain","computed":true}},"block_types":{"additional_virtual_disks":{"nesting_mode":"set","block":{"attributes":{"controller_id":{"type":"number","description_kind":"plain","optional":true},"device_type":{"type":"string","description_kind":"plain","optional":true},"lun_id":{"type":"number","description_kind":"plain","required":true},"size_mb":{"type":"number","description_kind":"plain","required":true}},"description_kind":"plain"}},"timeouts":{"nesting_mode":"single","block":{"attributes":{"create":{"type":"string","description_kind":"plain","optional":true},"delete":{"type":"string","description_kind":"plain","optional":true},"update":{"type":"string","description_kind":"plain","optional":true}},"description_kind":"plain"}},"virtual_network_devices":{"nesting_mode":"list","block":{"attributes":{"device_id":{"type":"string","description_kind":"plain","computed":true},"virtual_network_id":{"type":"string","description_kind":"plain","required":true}},"description_kind":"plain"},"min_items":1}},"description_kind":"plain"}},"ochk_virtual_network":{"version":0,"block":{"attributes":{"display_name":{"type":"string","description_kind":"plain","required":true},"dns_search_suffix":{"type":"string","description_kind":"plain","optional":true},"dns_suffix":{"type":"string","description_kind":"plain","optional":true},"gateway_address":{"type":"string","description_kind":"plain","computed":true},"id":{"type":"string","description_kind":"plain","optional":true,"computed":true},"ipam_enabled":{"type":"bool","description_kind":"plain","optional":true},"primary_dns_address":{"type":"string","description_kind":"plain","optional":true},"primary_wins_address":{"type":"string","description_kind":"plain","optional":true},"router":{"type":"string","description_kind":"plain","optional":true},"secondary_dns_address":{"type":"string","description_kind":"plain","optional":true},"secondary_wins_address":{"type":"string","description_kind":"plain","optional":true},"subnet_gateway_address_cidr":{"type":"string","description_kind":"plain","computed":true},"subnet_mask":{"type":"string","description_kind":"plain","computed":true},"subnet_network_cidr":{"type":"string","description_kind":"plain","optional":true},"subtenants":{"type":["set","string"],"description_kind":"plain","required":true}},"block_types":{"timeouts":{"nesting_mode":"single","block":{"attributes":{"create":{"type":"string","description_kind":"plain","optional":true},"delete":{"type":"string","description_kind":"plain","optional":true},"update":{"type":"string","description_kind":"plain","optional":true}},"description_kind":"plain"}}},"description_kind":"plain"}}},"data_source_schemas":{"ochk_backup_list":{"version":0,"block":{"attributes":{"backup_plan_id":{"type":"string","description_kind":"plain","optional":true},"display_name":{"type":"string","description_kind":"plain","required":true},"id":{"type":"string","description_kind":"plain","optional":true,"computed":true}},"description_kind":"plain"}},"ochk_backup_plan":{"version":0,"block":{"attributes":{"display_name":{"type":"string","description_kind":"plain","required":true},"id":{"type":"string","description_kind":"plain","optional":true,"computed":true}},"description_kind":"plain"}},"ochk_billing_tag":{"version":0,"block":{"attributes":{"display_name":{"type":"string","description_kind":"plain","required":true},"id":{"type":"string","description_kind":"plain","optional":true,"computed":true}},"description_kind":"plain"}},"ochk_custom_service":{"version":0,"block":{"attributes":{"created_at":{"type":"string","description_kind":"plain","computed":true},"created_by":{"type":"string","description_kind":"plain","computed":true},"display_name":{"type":"string","description_kind":"plain","required":true},"id":{"type":"string","description_kind":"plain","optional":true,"computed":true},"modified_at":{"type":"string","description_kind":"plain","computed":true},"modified_by":{"type":"string","description_kind":"plain","computed":true},"ports":{"type":["list",["object",{"destination":["set","string"],"id":"string","protocol":"string","source":["set","string"]}]],"description_kind":"plain","computed":true}},"description_kind":"plain"}},"ochk_deployment":{"version":0,"block":{"attributes":{"display_name":{"type":"string","description_kind":"plain","required":true},"id":{"type":"string","description_kind":"plain","optional":true,"computed":true}},"description_kind":"plain"}},"ochk_gateway_policy":{"version":0,"block":{"attributes":{"created_at":{"type":"string","description_kind":"plain","computed":true},"created_by":{"type":"string","description_kind":"plain","computed":true},"display_name":{"type":"string","description_kind":"plain","required":true},"id":{"type":"string","description_kind":"plain","optional":true,"computed":true},"modified_at":{"type":"string","description_kind":"plain","computed":true},"modified_by":{"type":"string","description_kind":"plain","computed":true}},"description_kind":"plain"}},"ochk_ip_collection":{"version":0,"block":{"attributes":{"created_at":{"type":"string","description_kind":"plain","computed":true},"created_by":{"type":"string","description_kind":"plain","computed":true},"display_name":{"type":"string","description_kind":"plain","required":true},"id":{"type":"string","description_kind":"plain","optional":true,"computed":true},"ip_addresses":{"type":["set","string"],"description_kind":"plain","computed":true},"modified_at":{"type":"string","description_kind":"plain","computed":true},"modified_by":{"type":"string","description_kind":"plain","computed":true}},"description_kind":"plain"}},"ochk_kms_key":{"version":0,"block":{"attributes":{"activation_date":{"type":"string","description_kind":"plain","computed":true},"algorithm":{"type":"string","description_kind":"plain","computed":true},"created_at":{"type":"string","description_kind":"plain","computed":true},"default_iv":{"type":"string","description_kind":"plain","computed":true},"display_name":{"type":"string","description_kind":"plain","required":true},"id":{"type":"string","description_kind":"plain","optional":true,"computed":true},"key_usage":{"type":["set","string"],"description_kind":"plain","computed":true},"object_type":{"type":"string","description_kind":"plain","computed":true},"revocation_reason":{"type":"string","description_kind":"plain","computed":true},"sha1_fingerprint":{"type":"string","description_kind":"plain","computed":true},"sha256_fingerprint":{"type":"string","description_kind":"plain","computed":true},"size":{"type":"number","description_kind":"plain","computed":true},"state":{"type":"string","description_kind":"plain","computed":true},"version":{"type":"number","description_kind":"plain","required":true}},"description_kind":"plain"}},"ochk_logical_port":{"version":0,"block":{"attributes":{"display_name":{"type":"string","description_kind":"plain","required":true},"id":{"type":"string","description_kind":"plain","optional":true,"computed":true}},"description_kind":"plain"}},"ochk_network":{"version":0,"block":{"attributes":{"id":{"type":"string","description_kind":"plain","optional":true,"computed":true},"name":{"type":"string","description_kind":"plain","required":true},"network":{"type":"string","description_kind":"plain","computed":true},"network_type":{"type":"string","description_kind":"plain","computed":true}},"description_kind":"plain"}},"ochk_router":{"version":0,"block":{"attributes":{"created_at":{"type":"string","description_kind":"plain","computed":true},"created_by":{"type":"string","description_kind":"plain","computed":true},"display_name":{"type":"string","description_kind":"plain","required":true},"id":{"type":"string","description_kind":"plain","optional":true,"computed":true},"modified_at":{"type":"string","description_kind":"plain","computed":true},"modified_by":{"type":"string","description_kind":"plain","computed":true},"parent_router_id":{"type":"string","description_kind":"plain","optional":true},"router_type":{"type":"string","description_kind":"plain","computed":true}},"description_kind":"plain"}},"ochk_security_group":{"version":0,"block":{"attributes":{"created_at":{"type":"string","description_kind":"plain","computed":true},"created_by":{"type":"string","description_kind":"plain","computed":true},"display_name":{"type":"string","description_kind":"plain","required":true},"id":{"type":"string","description_kind":"plain","optional":true,"computed":true},"members":{"type":["set",["object",{"display_name":"string","id":"string","type":"string"}]],"description_kind":"plain","computed":true},"modified_at":{"type":"string","description_kind":"plain","computed":true},"modified_by":{"type":"string","description_kind":"plain","computed":true}},"description_kind":"plain"}},"ochk_security_policy":{"version":0,"block":{"attributes":{"created_at":{"type":"string","description_kind":"plain","computed":true},"created_by":{"type":"string","description_kind":"plain","computed":true},"display_name":{"type":"string","description_kind":"plain","required":true},"id":{"type":"string","description_kind":"plain","optional":true,"computed":true},"modified_at":{"type":"string","description_kind":"plain","computed":true},"modified_by":{"type":"string","description_kind":"plain","computed":true}},"description_kind":"plain"}},"ochk_service":{"version":0,"block":{"attributes":{"created_at":{"type":"string","description_kind":"plain","computed":true},"created_by":{"type":"string","description_kind":"plain","computed":true},"display_name":{"type":"string","description_kind":"plain","required":true},"id":{"type":"string","description_kind":"plain","optional":true,"computed":true},"modified_at":{"type":"string","description_kind":"plain","computed":true},"modified_by":{"type":"string","description_kind":"plain","computed":true}},"description_kind":"plain"}},"ochk_subtenant":{"version":0,"block":{"attributes":{"description":{"type":"string","description_kind":"plain","computed":true},"email":{"type":"string","description_kind":"plain","computed":true},"id":{"type":"string","description_kind":"plain","optional":true,"computed":true},"memory_reserved_size_mb":{"type":"number","description_kind":"plain","computed":true},"name":{"type":"string","description_kind":"plain","required":true},"networks":{"type":["set","string"],"description_kind":"plain","computed":true},"storage_reserved_size_gb":{"type":"number","description_kind":"plain","computed":true},"users":{"type":["set","string"],"description_kind":"plain","computed":true}},"description_kind":"plain"}},"ochk_system_tag":{"version":0,"block":{"attributes":{"display_name":{"type":"string","description_kind":"plain","required":true},"id":{"type":"string","description_kind":"plain","optional":true,"computed":true}},"description_kind":"plain"}},"ochk_user":{"version":0,"block":{"attributes":{"description":{"type":"string","description_kind":"plain","computed":true},"disabled":{"type":"bool","description_kind":"plain","computed":true},"email_address":{"type":"string","description_kind":"plain","computed":true},"first_name":{"type":"string","description_kind":"plain","computed":true},"id":{"type":"string","description_kind":"plain","optional":true,"computed":true},"last_name":{"type":"string","description_kind":"plain","computed":true},"locked":{"type":"bool","description_kind":"plain","computed":true},"name":{"type":"string","description_kind":"plain","required":true},"principal_domain":{"type":"string","description_kind":"plain","computed":true},"principal_id":{"type":"number","description_kind":"plain","computed":true},"principal_name":{"type":"string","description_kind":"plain","computed":true},"principal_type":{"type":"string","description_kind":"plain","computed":true},"user_principal_name":{"type":"string","description_kind":"plain","computed":true}},"description_kind":"plain"}},"ochk_virtual_machine":{"version":0,"block":{"attributes":{"display_name":{"type":"string","description_kind":"plain","required":true},"host_id":{"type":"string","description_kind":"plain","computed":true},"id":{"type":"string","description_kind":"plain","optional":true,"computed":true}},"description_kind":"plain"}},"ochk_virtual_network":{"version":0,"block":{"attributes":{"display_name":{"type":"string","description_kind":"plain","required":true},"dns_search_suffix":{"type":"string","description_kind":"plain","computed":true},"dns_suffix":{"type":"string","description_kind":"plain","computed":true},"gateway_address":{"type":"string","description_kind":"plain","computed":true},"id":{"type":"string","description_kind":"plain","optional":true,"computed":true},"ipam_enabled":{"type":"bool","description_kind":"plain","computed":true},"primary_dns_address":{"type":"string","description_kind":"plain","computed":true},"primary_wins_address":{"type":"string","description_kind":"plain","computed":true},"router":{"type":"string","description_kind":"plain","computed":true},"secondary_dns_address":{"type":"string","description_kind":"plain","computed":true},"secondary_wins_address":{"type":"string","description_kind":"plain","computed":true},"subnet_gateway_address_cidr":{"type":"string","description_kind":"plain","computed":true},"subnet_mask":{"type":"string","description_kind":"plain","computed":true},"subnet_network_cidr":{"type":"string","description_kind":"plain","computed":true},"subtenants":{"type":["set","string"],"description_kind":"plain","computed":true}},"description_kind":"plain"}}}}}}
