{"format_version":"0.2","provider_schemas":{"registry.terraform.io/chonthu/site24x7":{"provider":{"version":0,"block":{"attributes":{"oauth_client_id":{"type":"string","description":"Zoho Site24x7 OAuth2 client id.","description_kind":"plain","required":true},"oauth_client_secret":{"type":"string","description":"Zoho Site24x7 OAuth2 client secret.","description_kind":"plain","required":true},"oauth_refresh_token":{"type":"string","description":"Zoho Site24x7 OAuth2 refresh token.","description_kind":"plain","required":true}},"description_kind":"plain"}},"resource_schemas":{"site24x7_website_monitor":{"version":0,"block":{"attributes":{"action_alert_types":{"type":["list","string"],"description_kind":"plain","optional":true},"action_ids":{"type":["list","string"],"description_kind":"plain","optional":true},"auth_pass":{"type":"string","description_kind":"plain","optional":true},"auth_user":{"type":"string","description_kind":"plain","optional":true},"check_frequency":{"type":"number","description_kind":"plain","optional":true},"custom_headers":{"type":["map","string"],"description_kind":"plain","optional":true},"display_name":{"type":"string","description_kind":"plain","required":true},"http_method":{"type":"string","description_kind":"plain","optional":true},"id":{"type":"string","description_kind":"plain","optional":true,"computed":true},"location_profile_id":{"type":"string","description_kind":"plain","optional":true,"computed":true},"match_case":{"type":"bool","description_kind":"plain","optional":true},"match_regex_severity":{"type":"number","description_kind":"plain","optional":true},"match_regex_value":{"type":"string","description_kind":"plain","optional":true},"matching_keyword_severity":{"type":"number","description_kind":"plain","optional":true},"matching_keyword_value":{"type":"string","description_kind":"plain","optional":true},"monitor_groups":{"type":["list","string"],"description_kind":"plain","optional":true},"notification_profile_id":{"type":"string","description_kind":"plain","computed":true},"threshold_profile_id":{"type":"string","description_kind":"plain","computed":true},"timeout":{"type":"number","description_kind":"plain","optional":true},"unmatching_keyword_severity":{"type":"number","description_kind":"plain","optional":true},"unmatching_keyword_value":{"type":"string","description_kind":"plain","optional":true},"use_name_server":{"type":"bool","description_kind":"plain","optional":true},"user_agent":{"type":"string","description_kind":"plain","optional":true},"user_group_ids":{"type":["list","string"],"description_kind":"plain","computed":true},"website":{"type":"string","description_kind":"plain","required":true}},"description_kind":"plain"}}}}}}
