{"format_version":"0.2","provider_schemas":{"registry.terraform.io/chriskuchin/looker":{"provider":{"version":0,"block":{"attributes":{"api_version":{"type":"string","description_kind":"plain","optional":true},"base_url":{"type":"string","description":"Looker API Base URL","description_kind":"plain","optional":true},"client_id":{"type":"string","description":"Client ID to authenticate with Looker","description_kind":"plain","optional":true},"client_secret":{"type":"string","description":"Client Secret to authenticate with Looker","description_kind":"plain","optional":true,"sensitive":true},"ini_file_path":{"type":"string","description":"Path to the looker.ini file with connection information.","description_kind":"plain","optional":true},"ini_section":{"type":"string","description":"Section of the ini to use with this connection. Default: Looker","description_kind":"plain","optional":true},"timeout":{"type":"number","description_kind":"plain","optional":true},"verify_ssl":{"type":"bool","description_kind":"plain","optional":true}},"description_kind":"plain"}},"resource_schemas":{"looker_connection":{"version":0,"block":{"attributes":{"database":{"type":"string","description_kind":"plain","required":true},"db_timezone":{"type":"string","description_kind":"plain","optional":true},"dialect_name":{"type":"string","description_kind":"plain","required":true},"host":{"type":"string","description_kind":"plain","required":true},"id":{"type":"string","description_kind":"plain","optional":true,"computed":true},"jdbc_additional_params":{"type":"string","description_kind":"plain","optional":true},"name":{"type":"string","description_kind":"plain","required":true},"password":{"type":"string","description_kind":"plain","required":true,"sensitive":true},"port":{"type":"string","description_kind":"plain","optional":true},"query_timezone":{"type":"string","description_kind":"plain","optional":true},"schema":{"type":"string","description_kind":"plain","required":true},"ssl":{"type":"bool","description_kind":"plain","optional":true},"username":{"type":"string","description_kind":"plain","required":true}},"description_kind":"plain"}},"looker_group":{"version":0,"block":{"attributes":{"id":{"type":"string","description_kind":"plain","optional":true,"computed":true},"name":{"type":"string","description_kind":"plain","required":true}},"description_kind":"plain"}},"looker_lookml_model":{"version":0,"block":{"attributes":{"allowed_db_connection_names":{"type":["set","string"],"description_kind":"plain","required":true},"id":{"type":"string","description_kind":"plain","optional":true,"computed":true},"name":{"type":"string","description_kind":"plain","required":true},"project_name":{"type":"string","description_kind":"plain","required":true}},"description_kind":"plain"}},"looker_model_set":{"version":0,"block":{"attributes":{"id":{"type":"string","description_kind":"plain","optional":true,"computed":true},"models":{"type":["set","string"],"description_kind":"plain","required":true},"name":{"type":"string","description_kind":"plain","required":true}},"description_kind":"plain"}},"looker_permission_set":{"version":0,"block":{"attributes":{"id":{"type":"string","description_kind":"plain","optional":true,"computed":true},"name":{"type":"string","description_kind":"plain","required":true},"permissions":{"type":["set","string"],"description_kind":"plain","required":true}},"description_kind":"plain"}},"looker_project":{"version":0,"block":{"attributes":{"id":{"type":"string","description_kind":"plain","optional":true,"computed":true},"name":{"type":"string","description_kind":"plain","required":true}},"description_kind":"plain"}},"looker_project_git_deploy_key":{"version":0,"block":{"attributes":{"id":{"type":"string","description_kind":"plain","optional":true,"computed":true},"project_id":{"type":"string","description_kind":"plain","required":true},"public_key":{"type":"string","description_kind":"plain","computed":true}},"description_kind":"plain"}},"looker_project_git_repo":{"version":0,"block":{"attributes":{"deploy_secret":{"type":"string","description_kind":"plain","optional":true,"sensitive":true},"git_production_branch_name":{"type":"string","description_kind":"plain","optional":true},"git_release_mgmt_enabled":{"type":"bool","description_kind":"plain","optional":true},"git_remote_url":{"type":"string","description_kind":"plain","required":true},"git_service_name":{"type":"string","description_kind":"plain","optional":true},"id":{"type":"string","description_kind":"plain","optional":true,"computed":true},"project_id":{"type":"string","description_kind":"plain","required":true},"pull_request_mode":{"type":"string","description_kind":"plain","optional":true}},"description_kind":"plain"}},"looker_role":{"version":0,"block":{"attributes":{"id":{"type":"string","description_kind":"plain","optional":true,"computed":true},"model_set_id":{"type":"string","description_kind":"plain","required":true},"name":{"type":"string","description_kind":"plain","required":true},"permission_set_id":{"type":"string","description_kind":"plain","required":true}},"description_kind":"plain"}},"looker_role_groups":{"version":0,"block":{"attributes":{"group_ids":{"type":["set","string"],"description_kind":"plain","required":true},"id":{"type":"string","description_kind":"plain","optional":true,"computed":true},"role_id":{"type":"string","description_kind":"plain","required":true}},"description_kind":"plain"}},"looker_theme":{"version":0,"block":{"attributes":{"background_color":{"type":"string","description":"Default background color","description_kind":"plain","optional":true},"base_font_size":{"type":"string","description":"Base font size for scaling fonts","description_kind":"plain","optional":true},"color_collection_id":{"type":"string","description":"Optional. ID of color collection to use with the theme. Use an empty string for none.","description_kind":"plain","optional":true},"default":{"type":"bool","description":"Only an active theme with no expiration (end_at not set) can be assigned as the default theme. As long as a theme has an active record with no expiration, it can be set as the default.","description_kind":"plain","optional":true},"font_color":{"type":"string","description":"Default font color","description_kind":"plain","optional":true},"font_family":{"type":"string","description":"Primary font family","description_kind":"plain","optional":true},"font_source":{"type":"string","description":"Source specification for font","description_kind":"plain","optional":true},"id":{"type":"string","description_kind":"plain","optional":true,"computed":true},"info_button_color":{"type":"string","description":"Info button color","description_kind":"plain","optional":true},"name":{"type":"string","description":"Name of theme. Can only be alphanumeric and underscores","description_kind":"plain","required":true},"primary_button_color":{"type":"string","description":"Primary button color","description_kind":"plain","optional":true},"show_filters_bar":{"type":"bool","description":"Toggle to show filters. Defaults to true","description_kind":"plain","optional":true},"show_title":{"type":"bool","description":"Togle to show the title. Defaults to true","description_kind":"plain","optional":true},"text_tile_text_color":{"type":"string","description":"Text color for the text tiles","description_kind":"plain","optional":true},"tile_background_color":{"type":"string","description":"Background color for tiles","description_kind":"plain","optional":true},"tile_shadow":{"type":"bool","description":"Toggles the tile shadow (New Dashboards)","description_kind":"plain","optional":true},"tile_text_color":{"type":"string","description":"text color for tiles","description_kind":"plain","optional":true},"tile_title_alignment":{"type":"string","description":"The text alignment of tile titles (New Dashboards)","description_kind":"plain","optional":true},"title_color":{"type":"string","description":"Color for titles","description_kind":"plain","optional":true},"warn_button_color":{"type":"string","description":"Warning button color","description_kind":"plain","optional":true}},"description":"Futher documentation can be found here: https://docs.looker.com/reference/api-and-integration/api-reference/v3.1/theme","description_kind":"plain"}},"looker_user":{"version":0,"block":{"attributes":{"email":{"type":"string","description_kind":"plain","required":true},"first_name":{"type":"string","description_kind":"plain","optional":true},"id":{"type":"string","description_kind":"plain","optional":true,"computed":true},"last_name":{"type":"string","description_kind":"plain","optional":true}},"description_kind":"plain"}},"looker_user_attribute":{"version":0,"block":{"attributes":{"default":{"type":"string","description":"Default value for when no value is set on the user","description_kind":"plain","optional":true},"id":{"type":"string","description_kind":"plain","optional":true,"computed":true},"label":{"type":"string","description":"Human-friendly label for user attribute","description_kind":"plain","required":true},"name":{"type":"string","description":"Name of user attribute","description_kind":"plain","required":true},"type":{"type":"string","description":"Type of user attribute (string, number, datetime, relative_url, advanced_filter_datetime, advanced_filter_number, advanced_filter_string)","description_kind":"plain","required":true},"user_access":{"type":"string","description":"Field describing the access non admin users have to their attributes. `view` Non-admin users can see the values of their attributes and use them in filters. `edit` Users can change the value of this attribute for themselves. `none` non-admin users have no access to this user attribute","description_kind":"plain","optional":true}},"description_kind":"plain"}},"looker_user_roles":{"version":0,"block":{"attributes":{"id":{"type":"string","description_kind":"plain","optional":true,"computed":true},"role_ids":{"type":["set","string"],"description_kind":"plain","required":true},"user_id":{"type":"string","description_kind":"plain","required":true}},"description_kind":"plain"}}}}}}
