{"format_version":"0.2","provider_schemas":{"registry.terraform.io/chronark/fauna":{"provider":{"version":0,"block":{"attributes":{"fauna_key":{"type":"string","description_kind":"plain","required":true,"sensitive":true}},"description_kind":"plain"}},"resource_schemas":{"fauna_collection":{"version":0,"block":{"attributes":{"history_days":{"type":"number","description":"Will not reset to the fauna defaults when you delete it. Please manually set it to `30`","description_kind":"markdown","optional":true,"computed":true},"id":{"type":"string","description":"The id of this resource.","description_kind":"markdown","computed":true},"name":{"type":"string","description_kind":"plain","required":true},"ts":{"type":"number","description_kind":"plain","computed":true},"ttl_days":{"type":"number","description":"Will not reset to the fauna defaults when you delete it. Please manually set it to `0`","description_kind":"markdown","optional":true,"computed":true}},"description":"Manipulate collections, watch out when removing `ttl_days` or `history_days` from a terraform config. Currently they will not reset to the fauna defaults. You need to set them manually.","description_kind":"markdown"}},"fauna_database":{"version":0,"block":{"attributes":{"id":{"type":"string","description":"The id of this resource.","description_kind":"markdown","computed":true},"name":{"type":"string","description":"The name of a database. Databases cannot be named any of the following reserved words: `events`, `set`, `self`, `documents`, or `_`.","description_kind":"markdown","required":true},"ref":{"type":"string","description":"A Reference to the database that was created.","description_kind":"markdown","computed":true},"ts":{"type":"number","description":"The timestamp, with microsecond resolution, associated with the creation of the database.","description_kind":"markdown","computed":true}},"description":"Create, Read, Update or Delete databases","description_kind":"markdown"}},"fauna_index":{"version":0,"block":{"attributes":{"active":{"type":"bool","description":"When an index is added, it is immediately available for reads, but returns incomplete results until it is built. Fauna builds the index asynchronously by scanning over relevant documents. Upon completion, the index’s `active` field is set to `true`.","description_kind":"markdown","computed":true},"id":{"type":"string","description_kind":"plain","optional":true,"computed":true},"name":{"type":"string","description":"The logical name of the index. Cannot be `events`, `sets`, `self`, `documents`, or `_`.","description_kind":"markdown","required":true},"partitions":{"type":"number","description":"The number of sub-partitions used by this index. This value can be 8 or 1:\n`1` when unique is true.\n`8` when the index has no terms.\n`1` in all other case.","description_kind":"markdown","computed":true},"serialized":{"type":"bool","description":"If `true`, writes to this index are serialized with concurrent reads and writes.","description_kind":"markdown","optional":true},"sources":{"type":["list","string"],"description":"An array of one or more collection names","description_kind":"markdown","required":true},"ts":{"type":"number","description":"A timestamp when this index was created","description_kind":"markdown","computed":true},"unique":{"type":"bool","description":"If `true`, maintains a unique constraint on combined `terms` and `values`.","description_kind":"markdown","optional":true}},"block_types":{"terms":{"nesting_mode":"list","block":{"attributes":{"field":{"type":["list","string"],"description_kind":"plain","optional":true}},"description":"An array of Term objects describing the fields that should be searchable. Indexed terms can be used to search for field values, via the `Match` function. The default is an empty Array.","description_kind":"markdown"}},"values":{"nesting_mode":"list","block":{"attributes":{"field":{"type":["list","string"],"description":"The path fo the field within a document to be indexed","description_kind":"markdown","required":true},"reverse":{"type":"bool","description":"Whether this field’s value should sort reversed.","description_kind":"markdown","optional":true}},"description":"An array of Value objects describing the fields that should be reported in search results. The default is an empty Array. When no `values` fields are defined, search results report the indexed document’s Reference.","description_kind":"markdown"}}},"description":"\nIt is possible to rename an index by updating its name field. Renaming an index changes its Reference, but preserves inbound References to the index. Index data is not rebuilt.\nAn index’s terms and values fields may not be changed. If you require such a change, the existing index must be deleted and a new one created using the new definitions for terms and/or values.\nIf you update the unique field, existing duplicate items are not removed from the index.","description_kind":"markdown"}}},"data_source_schemas":{"fauna_keys":{"version":0,"block":{"attributes":{"database":{"type":"string","description":"A reference to a child database. If not specified, the current database is used.","description_kind":"markdown","optional":true},"id":{"type":"string","description":"Internal id","description_kind":"markdown","computed":true},"keys":{"type":["set",["object",{"database":"string","hashed_secret":"string","id":"string","name":"string","role":"string","ts":"number"}]],"description_kind":"plain","computed":true}},"description":"A Set reference for the available authentication keys in the current database.","description_kind":"markdown"}}}}}}
