{"format_version":"0.2","provider_schemas":{"registry.terraform.io/cidaas/cidaas":{"provider":{"version":0,"block":{"attributes":{"default_app_app_url":{"type":"string","description_kind":"plain","required":true},"default_app_auth_url":{"type":"string","description_kind":"plain","required":true},"default_app_base_url":{"type":"string","description_kind":"plain","required":true},"default_app_client_id":{"type":"string","description_kind":"plain","required":true},"default_app_client_secret":{"type":"string","description_kind":"plain","required":true},"default_app_grant_type":{"type":"string","description_kind":"plain","required":true},"default_app_redirect_uri":{"type":"string","description_kind":"plain","required":true},"password":{"type":"string","description_kind":"plain","optional":true,"sensitive":true},"username":{"type":"string","description_kind":"plain","optional":true}},"description_kind":"plain"}},"resource_schemas":{"cidaas_app":{"version":0,"block":{"attributes":{"allow_login_with":{"type":["list","string"],"description_kind":"plain","required":true},"allowed_logout_urls":{"type":["list","string"],"description_kind":"plain","required":true},"allowed_scopes":{"type":["list","string"],"description_kind":"plain","required":true},"app_creation_error":{"type":"string","description_kind":"plain","computed":true},"app_creation_error_code":{"type":"number","description_kind":"plain","computed":true},"app_creation_error_type":{"type":"string","description_kind":"plain","computed":true},"app_creation_status":{"type":"number","description_kind":"plain","computed":true},"app_creation_success":{"type":"bool","description_kind":"plain","computed":true},"app_retrieval_status":{"type":"number","description_kind":"plain","computed":true},"app_retrieval_success":{"type":"bool","description_kind":"plain","computed":true},"app_url":{"type":"string","description_kind":"plain","computed":true},"auth_url":{"type":"string","description_kind":"plain","computed":true},"auto_login_after_register":{"type":"bool","description_kind":"plain","required":true},"client_display_name":{"type":"string","description_kind":"plain","required":true},"client_id":{"type":"string","description_kind":"plain","computed":true},"client_name":{"type":"string","description_kind":"plain","required":true},"client_type":{"type":"string","description_kind":"plain","required":true},"company_address":{"type":"string","description_kind":"plain","required":true},"company_name":{"type":"string","description_kind":"plain","required":true},"company_website":{"type":"string","description_kind":"plain","required":true},"enable_passwordless_auth":{"type":"bool","description_kind":"plain","required":true},"grant_types":{"type":["list","string"],"description_kind":"plain","required":true},"hosted_page_group":{"type":"string","description_kind":"plain","required":true},"id":{"type":"string","description_kind":"plain","optional":true,"computed":true},"redirect_uris":{"type":["list","string"],"description_kind":"plain","required":true},"register_with_login_information":{"type":"bool","description_kind":"plain","required":true},"response_types":{"type":["list","string"],"description_kind":"plain","required":true},"template_group_id":{"type":"string","description_kind":"plain","required":true}},"block_types":{"app_attributes":{"nesting_mode":"list","block":{"attributes":{"datatype":{"type":"string","description_kind":"plain","computed":true},"name":{"type":"string","description_kind":"plain","computed":true},"value":{"type":"string","description_kind":"plain","computed":true}},"description_kind":"plain"}}},"description_kind":"plain"}},"cidaas_registration_page_field":{"version":0,"block":{"attributes":{"claimable":{"type":"bool","description_kind":"plain","required":true},"data_type":{"type":"string","description_kind":"plain","required":true},"enabled":{"type":"bool","description_kind":"plain","required":true},"field_key":{"type":"string","description_kind":"plain","required":true},"field_type":{"type":"string","description_kind":"plain","required":true},"id":{"type":"string","description_kind":"plain","optional":true,"computed":true},"internal":{"type":"bool","description_kind":"plain","required":true},"is_group":{"type":"bool","description_kind":"plain","required":true},"is_list":{"type":"bool","description_kind":"plain","computed":true},"locale_text_language":{"type":"string","description_kind":"plain","required":true},"locale_text_locale":{"type":"string","description_kind":"plain","required":true},"locale_text_name":{"type":"string","description_kind":"plain","required":true},"order":{"type":"number","description_kind":"plain","required":true},"parent_group_id":{"type":"string","description_kind":"plain","required":true},"read_only":{"type":"bool","description_kind":"plain","required":true},"registration_field_creation_error":{"type":"string","description_kind":"plain","computed":true},"registration_field_creation_error_code":{"type":"number","description_kind":"plain","computed":true},"registration_field_creation_error_type":{"type":"string","description_kind":"plain","computed":true},"registration_field_creation_status":{"type":"number","description_kind":"plain","computed":true},"registration_field_creation_success":{"type":"bool","description_kind":"plain","computed":true},"registration_field_id":{"type":"string","description_kind":"plain","computed":true},"registration_field_retrieval_status":{"type":"number","description_kind":"plain","computed":true},"registration_field_retrieval_success":{"type":"bool","description_kind":"plain","computed":true},"required":{"type":"bool","description_kind":"plain","required":true},"scopes":{"type":["list","string"],"description_kind":"plain","required":true}},"block_types":{"app_attributes":{"nesting_mode":"list","block":{"attributes":{"datatype":{"type":"string","description_kind":"plain","computed":true},"name":{"type":"string","description_kind":"plain","computed":true},"value":{"type":"string","description_kind":"plain","computed":true}},"description_kind":"plain"}}},"description_kind":"plain"}}},"data_source_schemas":{"cidaas_app":{"version":0,"block":{"attributes":{"app_retrieval_status":{"type":"number","description_kind":"plain","computed":true},"app_retrieval_success":{"type":"bool","description_kind":"plain","computed":true},"client_id":{"type":"string","description_kind":"plain","required":true},"id":{"type":"string","description_kind":"plain","optional":true,"computed":true}},"block_types":{"app_attributes":{"nesting_mode":"list","block":{"attributes":{"datatype":{"type":"string","description_kind":"plain","computed":true},"name":{"type":"string","description_kind":"plain","computed":true},"value":{"type":"string","description_kind":"plain","computed":true}},"description_kind":"plain"}}},"description_kind":"plain"}}}}}}
