{"format_version":"0.2","provider_schemas":{"registry.terraform.io/ciscoise/ciscoise":{"provider":{"version":0,"block":{"attributes":{"base_url":{"type":"string","description":"Identity Services Engine base URL, FQDN or IP. If not set, it uses the ISE_BASE_URL environment variable.","description_kind":"markdown","optional":true},"debug":{"type":"string","description":"Flag for Identity Services Engine to enable debugging. If not set, it uses the ISE_DEBUG environment variable; defaults to `false`.","description_kind":"markdown","optional":true},"password":{"type":"string","description":"Identity Services Engine password to authenticate. If not set, it uses the ISE_PASSWORD environment variable.","description_kind":"markdown","optional":true,"sensitive":true},"ssl_verify":{"type":"string","description":"Flag to enable or disable SSL certificate verification. If not set, it uses the ISE_SSL_VERIFY environment variable; defaults to `true`.","description_kind":"markdown","optional":true,"sensitive":true},"use_api_gateway":{"type":"string","description":"Flag to enable or disable the usage of the ISE's API Gateway. If not set, it uses the ISE_USE_API_GATEWAY environment variable; defaults to `false`.","description_kind":"markdown","optional":true},"use_csrf_token":{"type":"string","description":"Flag to enable or disable the usage of the X-CSRF-Token header. If not set, it uses the ISE_USE_CSRF_TOKEN environment varible; defaults to `false`.","description_kind":"markdown","optional":true},"username":{"type":"string","description":"Identity Services Engine username to authenticate. If not set, it uses the ISE_USERNAME environment variable.","description_kind":"markdown","optional":true,"sensitive":true}},"description_kind":"plain"}},"resource_schemas":{"ciscoise_aci_settings":{"version":0,"block":{"attributes":{"id":{"type":"string","description_kind":"plain","optional":true,"computed":true},"last_updated":{"type":"string","description_kind":"plain","computed":true}},"block_types":{"item":{"nesting_mode":"list","block":{"attributes":{"aci50":{"type":"string","description":"Enable 5.0 ACI Version","description_kind":"markdown","optional":true},"aci51":{"type":"string","description":"Enable 5.1 ACI Version","description_kind":"markdown","optional":true},"aciipaddress":{"type":"string","description":"ACI Domain manager Ip Address.","description_kind":"markdown","optional":true},"acipassword":{"type":"string","description":"ACI Domain manager Password.","description_kind":"markdown","optional":true,"sensitive":true},"aciuser_name":{"type":"string","description":"ACI Domain manager Username.","description_kind":"markdown","optional":true},"admin_name":{"type":"string","description":"ACI Cluster Admin name","description_kind":"markdown","optional":true},"admin_password":{"type":"string","description":"ACI Cluster Admin password","description_kind":"markdown","optional":true},"all_sxp_domain":{"type":"string","description_kind":"plain","optional":true},"default_sgt_name":{"type":"string","description_kind":"plain","optional":true},"enable_aci":{"type":"string","description":"Enable ACI Integration","description_kind":"markdown","optional":true},"enable_data_plane":{"type":"string","description_kind":"plain","optional":true},"enable_elements_limit":{"type":"string","description_kind":"plain","optional":true},"id":{"type":"string","description":"Resource UUID value","description_kind":"markdown","optional":true},"ip_address_host_name":{"type":"string","description":"ACI Cluster IP Address / Host name","description_kind":"markdown","optional":true},"l3_route_network":{"type":"string","description_kind":"plain","optional":true},"max_num_iepg_from_aci":{"type":"number","description_kind":"plain","optional":true},"max_num_sgt_to_aci":{"type":"number","description_kind":"plain","optional":true},"specific_sxp_domain":{"type":"string","description_kind":"plain","optional":true},"specifix_sxp_domain_list":{"type":["list","string"],"description_kind":"plain","optional":true},"suffix_to_epg":{"type":"string","description_kind":"plain","optional":true},"suffix_to_sgt":{"type":"string","description_kind":"plain","optional":true},"tenant_name":{"type":"string","description_kind":"plain","optional":true},"untagged_packet_iepg_name":{"type":"string","description_kind":"plain","optional":true}},"description_kind":"plain"}}},"description":"It manages read and update operations on ACISettings.\n\n- This resource allows the client to update ACI settings.\n","description_kind":"markdown"}},"ciscoise_active_directory":{"version":0,"block":{"attributes":{"id":{"type":"string","description_kind":"plain","optional":true,"computed":true},"last_updated":{"type":"string","description_kind":"plain","computed":true}},"block_types":{"item":{"nesting_mode":"list","block":{"attributes":{"ad_scopes_names":{"type":"string","description":"String that contains the names of the scopes that the active directory belongs to. Names are separated by comma. Alphanumeric, underscore (_) characters are allowed","description_kind":"markdown","optional":true,"computed":true},"description":{"type":"string","description":"No character restriction","description_kind":"markdown","optional":true,"computed":true},"domain":{"type":"string","description":"The AD domain. Alphanumeric, hyphen (-) and dot (.) characters are allowed","description_kind":"markdown","optional":true,"computed":true},"enable_domain_allowed_list":{"type":"string","description_kind":"plain","computed":true},"enable_domain_white_list":{"type":"string","description_kind":"plain","optional":true,"computed":true},"id":{"type":"string","description":"Resource UUID value","description_kind":"markdown","optional":true,"computed":true},"link":{"type":["list",["object",{"href":"string","rel":"string","type":"string"}]],"description_kind":"plain","computed":true},"name":{"type":"string","description":"Resource Name. Maximum 32 characters allowed. Allowed characters are alphanumeric and .-_/\\\\ characters","description_kind":"markdown","optional":true,"computed":true}},"block_types":{"ad_attributes":{"nesting_mode":"list","block":{"block_types":{"attributes":{"nesting_mode":"list","block":{"attributes":{"default_value":{"type":"string","description":"Required for each attribute in the attribute list. Can contain an empty string. All characters are allowed except \u003c%\"","description_kind":"markdown","optional":true,"computed":true},"internal_name":{"type":"string","description":"Required for each attribute in the attribute list. All characters are allowed except \u003c%\"","description_kind":"markdown","optional":true,"computed":true},"name":{"type":"string","description":"Required for each attribute in the attribute list with no duplication between attributes. All characters are allowed except \u003c%\"","description_kind":"markdown","optional":true,"computed":true},"type":{"type":"string","description":"Required for each group in the group list. Allowed values: STRING, IP, BOOLEAN, INT, OCTET_STRING","description_kind":"markdown","optional":true,"computed":true}},"description":"List of Attributes","description_kind":"markdown"}}},"description":"Holds list of AD Attributes","description_kind":"markdown"}},"adgroups":{"nesting_mode":"list","block":{"block_types":{"groups":{"nesting_mode":"list","block":{"attributes":{"name":{"type":"string","description":"Required for each group in the group list with no duplication between groups. All characters are allowed except %","description_kind":"markdown","optional":true,"computed":true},"sid":{"type":"string","description":"Cisco ISE uses security identifiers (SIDs) for optimization of group membership evaluation. SIDs are useful for efficiency (speed) when the groups are evaluated. All characters are allowed except %","description_kind":"markdown","optional":true,"computed":true},"type":{"type":"string","description":"No character restriction","description_kind":"markdown","optional":true,"computed":true}},"description":"List of Groups","description_kind":"markdown"}}},"description":"Holds list of AD Groups","description_kind":"markdown"}},"advanced_settings":{"nesting_mode":"list","block":{"attributes":{"aging_time":{"type":"number","description":"Range 1-8760 hours","description_kind":"markdown","optional":true,"computed":true},"auth_protection_type":{"type":"string","description":"Enable prevent AD account lockout. Allowed values:\n- WIRELESS,\n- WIRED,\n- BOTH","description_kind":"markdown","optional":true,"computed":true},"country":{"type":"string","description":"User info attribute. All characters are allowed except %","description_kind":"markdown","optional":true,"computed":true},"department":{"type":"string","description":"User info attribute. All characters are allowed except %","description_kind":"markdown","optional":true,"computed":true},"email":{"type":"string","description":"User info attribute. All characters are allowed except %","description_kind":"markdown","optional":true,"computed":true},"enable_callback_for_dialin_client":{"type":"string","description_kind":"plain","optional":true,"computed":true},"enable_dialin_permission_check":{"type":"string","description_kind":"plain","optional":true,"computed":true},"enable_failed_auth_protection":{"type":"string","description":"Enable prevent AD account lockout due to too many bad password attempts","description_kind":"markdown","optional":true,"computed":true},"enable_machine_access":{"type":"string","description_kind":"plain","optional":true,"computed":true},"enable_machine_auth":{"type":"string","description_kind":"plain","optional":true,"computed":true},"enable_pass_change":{"type":"string","description_kind":"plain","optional":true,"computed":true},"enable_rewrites":{"type":"string","description_kind":"plain","optional":true,"computed":true},"failed_auth_threshold":{"type":"number","description":"Number of bad password attempts","description_kind":"markdown","optional":true,"computed":true},"first_name":{"type":"string","description":"User info attribute. All characters are allowed except %","description_kind":"markdown","optional":true,"computed":true},"identity_not_in_ad_behaviour":{"type":"string","description":"Allowed values: REJECT, SEARCH_JOINED_FOREST, SEARCH_ALL","description_kind":"markdown","optional":true,"computed":true},"job_title":{"type":"string","description":"User info attribute. All characters are allowed except %","description_kind":"markdown","optional":true,"computed":true},"last_name":{"type":"string","description":"User info attribute. All characters are allowed except %","description_kind":"markdown","optional":true,"computed":true},"locality":{"type":"string","description":"User info attribute. All characters are allowed except %","description_kind":"markdown","optional":true,"computed":true},"organizational_unit":{"type":"string","description":"User info attribute. All characters are allowed except %","description_kind":"markdown","optional":true,"computed":true},"plaintext_auth":{"type":"string","description_kind":"plain","optional":true,"computed":true},"schema":{"type":"string","description":"Allowed values: ACTIVE_DIRECTORY, CUSTOM.\nChoose ACTIVE_DIRECTORY schema when the AD attributes defined in AD can be copied to relevant attributes\nin Cisco ISE. If customization is needed, choose CUSTOM schema. All User info attributes are always set to\ndefault value if schema is ACTIVE_DIRECTORY. Values can be changed only for CUSTOM schema","description_kind":"markdown","optional":true,"computed":true},"state_or_province":{"type":"string","description":"User info attribute. All characters are allowed except %","description_kind":"markdown","optional":true,"computed":true},"street_address":{"type":"string","description":"User info attribute. All characters are allowed except %","description_kind":"markdown","optional":true,"computed":true},"telephone":{"type":"string","description":"User info attribute. All characters are allowed except %","description_kind":"markdown","optional":true,"computed":true},"unreachable_domains_behaviour":{"type":"string","description":"Allowed values: PROCEED, DROP","description_kind":"markdown","optional":true,"computed":true}},"block_types":{"rewrite_rules":{"nesting_mode":"list","block":{"attributes":{"rewrite_match":{"type":"string","description":"Required for each rule in the list with no duplication between rules. All characters are allowed except %\"","description_kind":"markdown","optional":true,"computed":true},"rewrite_result":{"type":"string","description":"Required for each rule in the list. All characters are allowed except %\"","description_kind":"markdown","optional":true,"computed":true},"row_id":{"type":"number","description":"Required for each rule in the list in serial order","description_kind":"markdown","optional":true,"computed":true}},"description":"Identity rewrite is an advanced feature that directs Cisco ISE to manipulate the identity\nbefore it is passed to the external Active Directory system. You can create rules to change\nthe identity to a desired format that includes or excludes a domain prefix and/or suffix or\nother additional markup of your choice","description_kind":"markdown"}}},"description_kind":"plain"}}},"description_kind":"plain"}}},"description":"It manages create, read and delete operations on ActiveDirectory.\n\n- This resource deletes an AD join point from Cisco ISE.\n\n- This resource creates an AD join point in Cisco ISE.\n","description_kind":"markdown"}},"ciscoise_allowed_protocols":{"version":0,"block":{"attributes":{"id":{"type":"string","description_kind":"plain","optional":true,"computed":true},"last_updated":{"type":"string","description_kind":"plain","computed":true}},"block_types":{"item":{"nesting_mode":"list","block":{"attributes":{"allow_chap":{"type":"string","description_kind":"plain","optional":true,"computed":true},"allow_eap_fast":{"type":"string","description_kind":"plain","optional":true,"computed":true},"allow_eap_md5":{"type":"string","description_kind":"plain","optional":true,"computed":true},"allow_eap_tls":{"type":"string","description_kind":"plain","optional":true,"computed":true},"allow_eap_ttls":{"type":"string","description_kind":"plain","optional":true,"computed":true},"allow_leap":{"type":"string","description_kind":"plain","optional":true,"computed":true},"allow_ms_chap_v1":{"type":"string","description_kind":"plain","optional":true,"computed":true},"allow_ms_chap_v2":{"type":"string","description_kind":"plain","optional":true,"computed":true},"allow_pap_ascii":{"type":"string","description_kind":"plain","optional":true,"computed":true},"allow_peap":{"type":"string","description_kind":"plain","optional":true,"computed":true},"allow_preferred_eap_protocol":{"type":"string","description_kind":"plain","optional":true,"computed":true},"allow_teap":{"type":"string","description_kind":"plain","optional":true,"computed":true},"allow_weak_ciphers_for_eap":{"type":"string","description_kind":"plain","optional":true,"computed":true},"description":{"type":"string","description_kind":"plain","optional":true,"computed":true},"eap_tls_l_bit":{"type":"string","description_kind":"plain","optional":true,"computed":true},"id":{"type":"string","description":"Resource UUID, Mandatory for update","description_kind":"markdown","optional":true,"computed":true},"link":{"type":["list",["object",{"href":"string","rel":"string","type":"string"}]],"description_kind":"plain","computed":true},"name":{"type":"string","description":"Resource Name","description_kind":"markdown","optional":true,"computed":true},"preferred_eap_protocol":{"type":"string","description":"The preferredEapProtocol is required only if allowPreferredEapProtocol is true, otherwise it must be ignored.\nAllowed Values: \n- EAP_FAST,\n- PEAP,\n- LEAP,\n- EAP_MD5,\n- EAP_TLS,\n- EAP_TTLS,\n- TEAP","description_kind":"markdown","optional":true,"computed":true},"process_host_lookup":{"type":"string","description_kind":"plain","optional":true,"computed":true},"require_message_auth":{"type":"string","description_kind":"plain","optional":true,"computed":true}},"block_types":{"eap_fast":{"nesting_mode":"list","block":{"attributes":{"allow_eap_fast_eap_gtc":{"type":"string","description_kind":"plain","optional":true,"computed":true},"allow_eap_fast_eap_gtc_pwd_change":{"type":"string","description":"The allowEapFastEapGtcPwdChange is required only if allowEapFastEapGtc is true, otherwise it must be ignored","description_kind":"markdown","optional":true,"computed":true},"allow_eap_fast_eap_gtc_pwd_change_retries":{"type":"number","description":"The allowEapFastEapGtcPwdChangeRetries is required only if allowEapFastEapGtc is true,\notherwise it must be ignored. Valid range is 0-3","description_kind":"markdown","optional":true,"computed":true},"allow_eap_fast_eap_ms_chap_v2":{"type":"string","description_kind":"plain","optional":true,"computed":true},"allow_eap_fast_eap_ms_chap_v2_pwd_change":{"type":"string","description":"The allowEapFastEapMsChapV2PwdChange is required only if allowEapFastEapMsChapV2 is true, otherwise it must be ignored","description_kind":"markdown","optional":true,"computed":true},"allow_eap_fast_eap_ms_chap_v2_pwd_change_retries":{"type":"number","description":"The allowEapFastEapMsChapV2PwdChangeRetries is required only if eapTtlsEapMsChapV2 is true, otherwise it must be ignored. Valid range is 0-3","description_kind":"markdown","optional":true,"computed":true},"allow_eap_fast_eap_tls":{"type":"string","description_kind":"plain","optional":true,"computed":true},"allow_eap_fast_eap_tls_auth_of_expired_certs":{"type":"string","description":"The allowEapFastEapTlsAuthOfExpiredCerts is required only if allowEapFastEapTls is true, otherwise it must be ignored","description_kind":"markdown","optional":true,"computed":true},"eap_fast_dont_use_pacs_accept_client_cert":{"type":"string","description":"The eapFastDontUsePacsAcceptClientCert is required only if eapFastUsePacs is FALSE, otherwise it must be ignored","description_kind":"markdown","optional":true,"computed":true},"eap_fast_dont_use_pacs_allow_machine_authentication":{"type":"string","description":"The eapFastDontUsePacsAllowMachineAuthentication is required only if eapFastUsePacs is FALSE, otherwise it must be ignored","description_kind":"markdown","optional":true,"computed":true},"eap_fast_enable_eap_chaining":{"type":"string","description_kind":"plain","optional":true,"computed":true},"eap_fast_use_pacs":{"type":"string","description_kind":"plain","optional":true,"computed":true},"eap_fast_use_pacs_accept_client_cert":{"type":"string","description":"The eapFastUsePacsAcceptClientCert is required only if eapFastUsePacsAllowAuthenProvisioning is true,\notherwise it must be ignored","description_kind":"markdown","optional":true,"computed":true},"eap_fast_use_pacs_allow_anonym_provisioning":{"type":"string","description":"The eapFastUsePacsAllowAnonymProvisioning is required only if eapFastUsePacs is true,\notherwise it must be ignored","description_kind":"markdown","optional":true,"computed":true},"eap_fast_use_pacs_allow_authen_provisioning":{"type":"string","description":"The eapFastUsePacsAllowAuthenProvisioning is required only if eapFastUsePacs is true,\notherwise it must be ignored","description_kind":"markdown","optional":true,"computed":true},"eap_fast_use_pacs_allow_machine_authentication":{"type":"string","description_kind":"plain","optional":true,"computed":true},"eap_fast_use_pacs_authorization_pac_ttl":{"type":"number","description":"The eapFastUsePacsAuthorizationPacTtl is required only if eapFastUsePacsStatelessSessionResume is true,\notherwise it must be ignored","description_kind":"markdown","optional":true,"computed":true},"eap_fast_use_pacs_authorization_pac_ttl_units":{"type":"string","description":"The eapFastUsePacsAuthorizationPacTtlUnits is required only if eapFastUsePacsStatelessSessionResume is true,\notherwise it must be ignored.\nAllowed Values:\n- SECONDS,\n- MINUTES,\n- HOURS,\n- DAYS,\n- WEEKS","description_kind":"markdown","optional":true,"computed":true},"eap_fast_use_pacs_machine_pac_ttl":{"type":"number","description":"The eapFastUsePacsMachinePacTtl is required only if eapFastUsePacsAllowMachineAuthentication is true,\notherwise it must be ignored","description_kind":"markdown","optional":true,"computed":true},"eap_fast_use_pacs_machine_pac_ttl_units":{"type":"string","description":"The eapFastUsePacsMachinePacTtlUnits is required only if eapFastUsePacsAllowMachineAuthentication is true,\notherwise it must be ignored.\nAllowed Values:\n- SECONDS,\n- MINUTES,\n- HOURS,\n- DAYS,\n- WEEKS","description_kind":"markdown","optional":true,"computed":true},"eap_fast_use_pacs_return_access_accept_after_authenticated_provisioning":{"type":"string","description":"The eapFastUsePacsReturnAccessAcceptAfterAuthenticatedProvisioning\nis required only if eapFastUsePacsAllowAuthenProvisioning is true, otherwise it must be ignored","description_kind":"markdown","optional":true,"computed":true},"eap_fast_use_pacs_stateless_session_resume":{"type":"string","description":"The eapFastUsePacsStatelessSessionResume is required only if eapFastUsePacs is true, otherwise it must be ignored","description_kind":"markdown","optional":true,"computed":true},"eap_fast_use_pacs_tunnel_pac_ttl":{"type":"number","description":"The eapFastUsePacsTunnelPacTtl is required only if eapFastUsePacs is true, otherwise it must be ignored","description_kind":"markdown","optional":true,"computed":true},"eap_fast_use_pacs_tunnel_pac_ttl_units":{"type":"string","description":"The eapFastUsePacsTunnelPacTtlUnits is required only if eapFastUsePacs is true, otherwise it must be ignored.\nAllowed Values:\n- SECONDS,\n- MINUTES,\n- HOURS,\n- DAYS,\n- WEEKS","description_kind":"markdown","optional":true,"computed":true},"eap_fast_use_pacs_use_proactive_pac_update_precentage":{"type":"number","description":"The eapFastUsePacsUseProactivePacUpdatePrecentage is required only if eapFastUsePacs is true,\notherwise it must be ignored","description_kind":"markdown","optional":true,"computed":true}},"description":"The eapFast is required only if allowEapFast is true, otherwise it must be ignored. The object eapFast contains the settings for EAP FAST protocol","description_kind":"markdown"}},"eap_tls":{"nesting_mode":"list","block":{"attributes":{"allow_eap_tls_auth_of_expired_certs":{"type":"string","description_kind":"plain","optional":true,"computed":true},"eap_tls_enable_stateless_session_resume":{"type":"string","description_kind":"plain","optional":true,"computed":true},"eap_tls_session_ticket_precentage":{"type":"number","description":"The eapTlsSessionTicketPrecentage is required only if eapTlsEnableStatelessSessionResume is true,\notherwise it must be ignored","description_kind":"markdown","optional":true,"computed":true},"eap_tls_session_ticket_ttl":{"type":"number","description":"Time to live. The eapTlsSessionTicketTtl is required only if eapTlsEnableStatelessSessionResume is true, otherwise it must be ignored","description_kind":"markdown","optional":true,"computed":true},"eap_tls_session_ticket_ttl_units":{"type":"string","description":"Time to live time units. The eapTlsSessionTicketTtlUnits is required only if eapTlsEnableStatelessSessionResume is true,\notherwise it must be ignored. Allowed Values:\n- SECONDS,\n- MINUTES,\n- HOURS,\n- DAYS,\n- WEEKS","description_kind":"markdown","optional":true,"computed":true}},"description":"The eapTls is required only if allowEapTls is true, otherwise it must be ignored. The object eapTls contains the settings for EAP TLS protocol","description_kind":"markdown"}},"eap_ttls":{"nesting_mode":"list","block":{"attributes":{"eap_ttls_chap":{"type":"string","description_kind":"plain","optional":true,"computed":true},"eap_ttls_eap_md5":{"type":"string","description_kind":"plain","optional":true,"computed":true},"eap_ttls_eap_ms_chap_v2":{"type":"string","description_kind":"plain","optional":true,"computed":true},"eap_ttls_eap_ms_chap_v2_pwd_change":{"type":"string","description":"The eapTtlsEapMsChapV2PwdChange is required only if eapTtlsEapMsChapV2 is true, otherwise it must be ignored","description_kind":"markdown","optional":true,"computed":true},"eap_ttls_eap_ms_chap_v2_pwd_change_retries":{"type":"number","description":"The eapTtlsEapMsChapV2PwdChangeRetries is required only if eapTtlsEapMsChapV2 is true,\notherwise it must be ignored. Valid range is 0-3","description_kind":"markdown","optional":true,"computed":true},"eap_ttls_ms_chap_v1":{"type":"string","description_kind":"plain","optional":true,"computed":true},"eap_ttls_ms_chap_v2":{"type":"string","description_kind":"plain","optional":true,"computed":true},"eap_ttls_pap_ascii":{"type":"string","description_kind":"plain","optional":true,"computed":true}},"description":"The eapTtls is required only if allowEapTtls is true, otherwise it must be ignored.\nThe object eapTtls contains the settings for EAP TTLS protocol","description_kind":"markdown"}},"peap":{"nesting_mode":"list","block":{"attributes":{"allow_peap_eap_gtc":{"type":"string","description_kind":"plain","optional":true,"computed":true},"allow_peap_eap_gtc_pwd_change":{"type":"string","description":"The allowPeapEapGtcPwdChange is required only if allowPeapEapGtc is true, otherwise it must be ignored","description_kind":"markdown","optional":true,"computed":true},"allow_peap_eap_gtc_pwd_change_retries":{"type":"number","description":"The allowPeapEapGtcPwdChangeRetries is required only if allowPeapEapGtc is true,\notherwise it must be ignored. Valid range is 0-3","description_kind":"markdown","optional":true,"computed":true},"allow_peap_eap_ms_chap_v2":{"type":"string","description_kind":"plain","optional":true,"computed":true},"allow_peap_eap_ms_chap_v2_pwd_change":{"type":"string","description":"The allowPeapEapMsChapV2PwdChange is required only if allowPeapEapMsChapV2 is true,\notherwise it must be ignored","description_kind":"markdown","optional":true,"computed":true},"allow_peap_eap_ms_chap_v2_pwd_change_retries":{"type":"number","description":"The allowPeapEapMsChapV2PwdChangeRetries is required only if allowPeapEapMsChapV2 is true,\notherwise it must be ignored. Valid range is 0-3","description_kind":"markdown","optional":true,"computed":true},"allow_peap_eap_tls":{"type":"string","description_kind":"plain","optional":true,"computed":true},"allow_peap_eap_tls_auth_of_expired_certs":{"type":"string","description":"The allowPeapEapTlsAuthOfExpiredCerts is required only if allowPeapEapTls is true, otherwise it must be ignored","description_kind":"markdown","optional":true,"computed":true},"allow_peap_v0":{"type":"string","description_kind":"plain","optional":true,"computed":true},"require_cryptobinding":{"type":"string","description_kind":"plain","optional":true,"computed":true}},"description_kind":"plain"}},"teap":{"nesting_mode":"list","block":{"attributes":{"accept_client_cert_during_tunnel_est":{"type":"string","description_kind":"plain","optional":true,"computed":true},"allow_downgrade_msk":{"type":"string","description_kind":"plain","optional":true,"computed":true},"allow_teap_eap_ms_chap_v2":{"type":"string","description_kind":"plain","optional":true,"computed":true},"allow_teap_eap_ms_chap_v2_pwd_change":{"type":"string","description":"The allowTeapEapMsChapV2PwdChange is required only if allowTeapEapMsChapV2 is true, otherwise it must be ignored","description_kind":"markdown","optional":true,"computed":true},"allow_teap_eap_ms_chap_v2_pwd_change_retries":{"type":"number","description":"The allowTeapEapMsChapV2PwdChangeRetries is required only if allowTeapEapMsChapV2 is true,\notherwise it must be ignored.\nValid range is 0-3","description_kind":"markdown","optional":true,"computed":true},"allow_teap_eap_tls":{"type":"string","description_kind":"plain","optional":true,"computed":true},"allow_teap_eap_tls_auth_of_expired_certs":{"type":"string","description":"The allowTeapEapTlsAuthOfExpiredCerts is required only if allowTeapEapTls is true, otherwise it must be ignored","description_kind":"markdown","optional":true,"computed":true},"enable_eap_chaining":{"type":"string","description_kind":"plain","optional":true,"computed":true}},"description":"The teap is required only if allowTeap is true, otherwise it must be ignored.\nThe object teap contains the settings for TEAP protocol","description_kind":"markdown"}}},"description_kind":"plain"}}},"description":"It manages create, read, update and delete operations on AllowedProtocols.\n\n- This resource allows the client to update an allowed protocol.\n\n- This resource deletes an allowed protocol.\n\n- This resource creates an allowed protocol.\n","description_kind":"markdown"}},"ciscoise_anc_policy":{"version":0,"block":{"attributes":{"id":{"type":"string","description_kind":"plain","optional":true,"computed":true},"last_updated":{"type":"string","description_kind":"plain","computed":true}},"block_types":{"item":{"nesting_mode":"list","block":{"attributes":{"actions":{"type":["list","string"],"description":"- QUARANTINE: Allows you to use Exception policies (authorization policies) to limit or deny an endpoint access to the network.\n- PORTBOUNCE: Resets the port on the network device to which the endpoint is connected.\n- SHUTDOWN : Shuts down the port on the network device to which the endpoint is connected.\n- RE_AUTHENTICATE: Re-authenticates the session from the endpoint.","description_kind":"markdown","optional":true,"computed":true},"id":{"type":"string","description_kind":"plain","optional":true,"computed":true},"link":{"type":["list",["object",{"href":"string","rel":"string","type":"string"}]],"description_kind":"plain","computed":true},"name":{"type":"string","description_kind":"plain","optional":true,"computed":true}},"description_kind":"plain"}}},"description":"It manages create, read, update and delete operations on AncPolicy.\n\n- This resource allows the client to update an ANC policy.\n\n- This resource allows the client to delete an ANC policy.\n\n- This resource allows the client to create an ANC policy.\n","description_kind":"markdown"}},"ciscoise_authorization_profile":{"version":0,"block":{"attributes":{"id":{"type":"string","description_kind":"plain","optional":true,"computed":true},"last_updated":{"type":"string","description_kind":"plain","computed":true}},"block_types":{"item":{"nesting_mode":"list","block":{"attributes":{"access_type":{"type":"string","description":"Allowed Values:\n- ACCESS_ACCEPT,\n- ACCESS_REJECT","description_kind":"markdown","optional":true,"computed":true},"acl":{"type":"string","description_kind":"plain","optional":true,"computed":true},"agentless_posture":{"type":"string","description_kind":"plain","optional":true,"computed":true},"airespace_acl":{"type":"string","description_kind":"plain","optional":true,"computed":true},"airespace_ipv6_acl":{"type":"string","description_kind":"plain","optional":true,"computed":true},"asa_vpn":{"type":"string","description_kind":"plain","optional":true,"computed":true},"authz_profile_type":{"type":"string","description":"Allowed Values:\n- SWITCH,\n- TRUSTSEC,\n- TACACS\nSWITCH is used for Standard Authorization Profiles","description_kind":"markdown","optional":true,"computed":true},"auto_smart_port":{"type":"string","description_kind":"plain","optional":true,"computed":true},"avc_profile":{"type":"string","description_kind":"plain","optional":true,"computed":true},"dacl_name":{"type":"string","description_kind":"plain","optional":true,"computed":true},"description":{"type":"string","description_kind":"plain","optional":true,"computed":true},"easywired_session_candidate":{"type":"string","description_kind":"plain","optional":true,"computed":true},"id":{"type":"string","description":"Resource UUID value","description_kind":"markdown","optional":true,"computed":true},"interface_template":{"type":"string","description_kind":"plain","optional":true,"computed":true},"ipv6_acl_filter":{"type":"string","description_kind":"plain","optional":true,"computed":true},"ipv6_dacl_name":{"type":"string","description_kind":"plain","optional":true,"computed":true},"link":{"type":["list",["object",{"href":"string","rel":"string","type":"string"}]],"description_kind":"plain","computed":true},"mac_sec_policy":{"type":"string","description":"Allowed Values:\n- MUST_SECURE,\n- MUST_NOT_SECURE,\n- SHOULD_SECURE","description_kind":"markdown","optional":true,"computed":true},"name":{"type":"string","description":"Resource Name","description_kind":"markdown","optional":true,"computed":true},"neat":{"type":"string","description_kind":"plain","optional":true,"computed":true},"profile_name":{"type":"string","description_kind":"plain","optional":true,"computed":true},"service_template":{"type":"string","description_kind":"plain","optional":true,"computed":true},"track_movement":{"type":"string","description_kind":"plain","optional":true,"computed":true},"voice_domain_permission":{"type":"string","description_kind":"plain","optional":true,"computed":true},"web_auth":{"type":"string","description_kind":"plain","optional":true,"computed":true}},"block_types":{"advanced_attributes":{"nesting_mode":"list","block":{"block_types":{"left_hand_side_dictionary_attribue":{"nesting_mode":"list","block":{"attributes":{"advanced_attribute_value_type":{"type":"string","description_kind":"plain","optional":true,"computed":true},"attribute_name":{"type":"string","description_kind":"plain","optional":true,"computed":true},"dictionary_name":{"type":"string","description_kind":"plain","optional":true,"computed":true},"value":{"type":"string","description_kind":"plain","optional":true,"computed":true}},"description_kind":"plain"}},"right_hand_side_attribue_value":{"nesting_mode":"list","block":{"attributes":{"advanced_attribute_value_type":{"type":"string","description_kind":"plain","optional":true,"computed":true},"attribute_name":{"type":"string","description_kind":"plain","optional":true,"computed":true},"dictionary_name":{"type":"string","description_kind":"plain","optional":true,"computed":true},"value":{"type":"string","description_kind":"plain","optional":true,"computed":true}},"description":"Attribute value can be of type AttributeValue or AdvancedDictionaryAttribute.\nFor AttributeValue the value is String,\nFor AdvancedDictionaryAttribute the value is dictionaryName and attributeName properties","description_kind":"markdown"}}},"description_kind":"plain"}},"reauth":{"nesting_mode":"list","block":{"attributes":{"connectivity":{"type":"string","description":"Allowed Values:\n- DEFAULT,\n- RADIUS_REQUEST","description_kind":"markdown","optional":true,"computed":true},"timer":{"type":"number","description":"Valid range is 1-65535","description_kind":"markdown","optional":true,"computed":true}},"description_kind":"plain"}},"vlan":{"nesting_mode":"list","block":{"attributes":{"name_id":{"type":"string","description_kind":"plain","optional":true,"computed":true},"tag_id":{"type":"number","description":"Valid range is 0-31","description_kind":"markdown","optional":true,"computed":true}},"description_kind":"plain"}},"web_redirection":{"nesting_mode":"list","block":{"attributes":{"acl":{"type":"string","description_kind":"plain","optional":true,"computed":true},"display_certificates_renewal_messages":{"type":"string","description":"The displayCertificatesRenewalMessages is mandatory when 'WebRedirectionType' value is 'CentralizedWebAuth'.\nFor all other 'WebRedirectionType' values the field must be ignored","description_kind":"markdown","optional":true,"computed":true},"portal_name":{"type":"string","description":"A portal that exist in the DB and fits the WebRedirectionType","description_kind":"markdown","optional":true,"computed":true},"static_iphost_name_fqd_n":{"type":"string","description_kind":"plain","optional":true,"computed":true},"web_redirection_type":{"type":"string","description":"Value MUST be one of the following:CentralizedWebAuth, HotSpot, NativeSupplicanProvisioning, ClientProvisioning. \nThe WebRedirectionType must fit the portalName","description_kind":"markdown","optional":true,"computed":true}},"description_kind":"plain"}}},"description_kind":"plain"}}},"description":"It manages create, read, update and delete operations on AuthorizationProfile.\n\n- This resource allows the client to update an authorization profile.\n\n- This resource deletes an authorization profile.\n\n- This resource creates an authorization profile.\n","description_kind":"markdown"}},"ciscoise_byod_portal":{"version":0,"block":{"attributes":{"id":{"type":"string","description_kind":"plain","optional":true,"computed":true},"last_updated":{"type":"string","description_kind":"plain","computed":true}},"block_types":{"item":{"nesting_mode":"list","block":{"attributes":{"description":{"type":"string","description_kind":"plain","optional":true,"computed":true},"id":{"type":"string","description":"Resource UUID, mandatory for update","description_kind":"markdown","optional":true,"computed":true},"link":{"type":["list",["object",{"href":"string","rel":"string","type":"string"}]],"description_kind":"plain","computed":true},"name":{"type":"string","description":"Resource Name","description_kind":"markdown","optional":true,"computed":true},"portal_test_url":{"type":"string","description":"URL to bring up a test page for this portal","description_kind":"markdown","optional":true,"computed":true},"portal_type":{"type":"string","description":"Allowed values:\n- BYOD,\n- HOTSPOTGUEST,\n- MYDEVICE,\n- SELFREGGUEST,\n- SPONSOR,\n- SPONSOREDGUEST","description_kind":"markdown","optional":true,"computed":true}},"block_types":{"customizations":{"nesting_mode":"list","block":{"block_types":{"global_customizations":{"nesting_mode":"list","block":{"attributes":{"banner_title":{"type":"string","description_kind":"plain","optional":true,"computed":true},"contact_text":{"type":"string","description_kind":"plain","optional":true,"computed":true},"footer_element":{"type":"string","description_kind":"plain","optional":true,"computed":true}},"block_types":{"background_image":{"nesting_mode":"list","block":{"attributes":{"data":{"type":"string","description":"Represented as base 64 encoded string of the image byte array","description_kind":"markdown","optional":true,"computed":true}},"description_kind":"plain"}},"banner_image":{"nesting_mode":"list","block":{"attributes":{"data":{"type":"string","description":"Represented as base 64 encoded string of the image byte array","description_kind":"markdown","optional":true,"computed":true}},"description_kind":"plain"}},"desktop_logo_image":{"nesting_mode":"list","block":{"attributes":{"data":{"type":"string","description":"Represented as base 64 encoded string of the image byte array","description_kind":"markdown","optional":true,"computed":true}},"description_kind":"plain"}},"mobile_logo_image":{"nesting_mode":"list","block":{"attributes":{"data":{"type":"string","description":"Represented as base 64 encoded string of the image byte array","description_kind":"markdown","optional":true,"computed":true}},"description_kind":"plain"}}},"description":"Represent the portal Global customizations","description_kind":"markdown"}},"language":{"nesting_mode":"list","block":{"attributes":{"view_language":{"type":"string","description_kind":"plain","optional":true,"computed":true}},"description":"This property is supported only for Read operation and it allows to show the customizations in English.\nOther languages are not supported","description_kind":"markdown"}},"page_customizations":{"nesting_mode":"list","block":{"block_types":{"data":{"nesting_mode":"list","block":{"attributes":{"key":{"type":"string","description_kind":"plain","optional":true,"computed":true},"value":{"type":"string","description_kind":"plain","optional":true,"computed":true}},"description":"The Dictionary will be exposed here as key value pair","description_kind":"markdown"}}},"description":"Represent the entire page customization as a giant dictionary","description_kind":"markdown"}},"portal_theme":{"nesting_mode":"list","block":{"attributes":{"id":{"type":"string","description":"The unique internal identifier of the portal theme","description_kind":"markdown","optional":true,"computed":true},"name":{"type":"string","description":"The system- or user-assigned name of the portal theme","description_kind":"markdown","optional":true,"computed":true},"theme_data":{"type":"string","description":"A CSS file, represented as a Base64-encoded byte array","description_kind":"markdown","optional":true,"computed":true}},"description":"Defines the configuration for portal theme","description_kind":"markdown"}},"portal_tweak_settings":{"nesting_mode":"list","block":{"attributes":{"banner_color":{"type":"string","description":"Hex value of color","description_kind":"markdown","optional":true,"computed":true},"banner_text_color":{"type":"string","description_kind":"plain","optional":true,"computed":true},"page_background_color":{"type":"string","description_kind":"plain","optional":true,"computed":true},"page_label_and_text_color":{"type":"string","description_kind":"plain","optional":true,"computed":true}},"description":"The Tweak Settings are a customization of the Portal Theme that has been selected for the portal.\nWhen the Portal Theme selection is changed, the Tweak Settings are overwritten to match the values in the theme.\nThe Tweak Settings can subsequently be changed by the user","description_kind":"markdown"}}},"description":"Defines all of the Portal Customizations available for a BYOD","description_kind":"markdown"}},"settings":{"nesting_mode":"list","block":{"block_types":{"byod_settings":{"nesting_mode":"list","block":{"block_types":{"byod_registration_settings":{"nesting_mode":"list","block":{"attributes":{"end_point_identity_group_id":{"type":"string","description_kind":"plain","optional":true,"computed":true},"show_device_id":{"type":"string","description_kind":"plain","optional":true,"computed":true}},"description_kind":"plain"}},"byod_registration_success_settings":{"nesting_mode":"list","block":{"attributes":{"redirect_url":{"type":"string","description":"Target URL for redirection, used when successRedirect = URL","description_kind":"markdown","optional":true,"computed":true},"success_redirect":{"type":"string","description":"After an Authentication Success where should device be redirected. Allowed values:","description_kind":"markdown","optional":true,"computed":true}},"description_kind":"plain"}},"byod_welcome_settings":{"nesting_mode":"list","block":{"attributes":{"aup_display":{"type":"string","description":"How the AUP should be displayed, either on page or as a link.\nOnly valid if includeAup = true.\nAllowed values:\n- ONPAGE,\n- ASLINK","description_kind":"markdown","optional":true,"computed":true},"enable_byo_d":{"type":"string","description_kind":"plain","optional":true,"computed":true},"enable_guest_access":{"type":"string","description_kind":"plain","optional":true,"computed":true},"include_aup":{"type":"string","description_kind":"plain","optional":true,"computed":true},"require_aup_acceptance":{"type":"string","description_kind":"plain","optional":true,"computed":true},"require_mdm":{"type":"string","description_kind":"plain","optional":true,"computed":true},"require_scrolling":{"type":"string","description":"Require BYOD devices to scroll down to the bottom of the AUP, Only valid if includeAup = true","description_kind":"markdown","optional":true,"computed":true}},"description":"Configuration of BYOD endpoint welcome step configuration","description_kind":"markdown"}}},"description":"Configuration of BYOD Device Welcome, Registration and Success steps","description_kind":"markdown"}},"portal_settings":{"nesting_mode":"list","block":{"attributes":{"allowed_interfaces":{"type":["list","string"],"description":"Interfaces that the portal will be reachable on.\nAllowed values:\n- eth0,\n- eth1,\n- eth2,\n- eth3,\n- eth4,\n- eth5,\n- bond0,\n- bond1,\n- bond2","description_kind":"markdown","optional":true,"computed":true},"always_used_language":{"type":"string","description":"Used when displayLang = ALWAYSUSE","description_kind":"markdown","optional":true,"computed":true},"certificate_group_tag":{"type":"string","description":"Logical name of the x.509 server certificate that will be used for the portal","description_kind":"markdown","optional":true,"computed":true},"display_lang":{"type":"string","description":"Allowed values:\n- USEBROWSERLOCALE,\n- ALWAYSUSE","description_kind":"markdown","optional":true,"computed":true},"endpoint_identity_group":{"type":"string","description":"Unique Id of the endpoint identity group where user's devices will be added. Used only in Hotspot Portal","description_kind":"markdown","optional":true,"computed":true},"fallback_language":{"type":"string","description":"Used when displayLang = USEBROWSERLOCALE","description_kind":"markdown","optional":true,"computed":true},"https_port":{"type":"number","description":"The port number that the allowed interfaces will listen on. Range from 8000 to 8999","description_kind":"markdown","optional":true,"computed":true}},"description":"The port, interface, certificate, and other basic settings of a portal","description_kind":"markdown"}},"support_info_settings":{"nesting_mode":"list","block":{"attributes":{"default_empty_field_value":{"type":"string","description":"The default value displayed for an empty field.\nOnly valid when emptyFieldDisplay = DISPLAYWITHDEFAULTVALUE","description_kind":"markdown","optional":true,"computed":true},"empty_field_display":{"type":"string","description":"Specifies how empty fields are handled on the Support Information Page.\nAllowed values:\n- HIDE,\n- DISPLAYWITHNOVALUE,\n- DISPLAYWITHDEFAULTVALUE","description_kind":"markdown","optional":true,"computed":true},"include_browser_user_agent":{"type":"string","description_kind":"plain","optional":true,"computed":true},"include_failure_code":{"type":"string","description_kind":"plain","optional":true,"computed":true},"include_ip_address":{"type":"string","description_kind":"plain","optional":true,"computed":true},"include_mac_addr":{"type":"string","description_kind":"plain","optional":true,"computed":true},"include_policy_server":{"type":"string","description_kind":"plain","optional":true,"computed":true},"include_support_info_page":{"type":"string","description_kind":"plain","optional":true,"computed":true}},"description_kind":"plain"}}},"description":"Defines all of the settings groups available for a BYOD","description_kind":"markdown"}}},"description_kind":"plain"}}},"description":"It manages create, read, update and delete operations on BYODPortal.\n\n- This resource allows the client to update a BYOD portal by ID.\n\n- This resource deletes a BYOD portal by ID.\n\n- This resource creates a BYOD portal.\n","description_kind":"markdown"}},"ciscoise_certificate_profile":{"version":0,"block":{"attributes":{"id":{"type":"string","description_kind":"plain","optional":true,"computed":true},"last_updated":{"type":"string","description_kind":"plain","computed":true}},"block_types":{"item":{"nesting_mode":"list","block":{"attributes":{"allowed_as_user_name":{"type":"string","description_kind":"plain","optional":true,"computed":true},"certificate_attribute_name":{"type":"string","description":"Attribute name of the Certificate Profile - used only when CERTIFICATE is chosen in usernameFrom.\nAllowed values:\n- SUBJECT_COMMON_NAME\n- SUBJECT_ALTERNATIVE_NAME\n- SUBJECT_SERIAL_NUMBER\n- SUBJECT\n- SUBJECT_ALTERNATIVE_NAME_OTHER_NAME\n- SUBJECT_ALTERNATIVE_NAME_EMAIL\n- SUBJECT_ALTERNATIVE_NAME_DNS.\n- Additional internal value ALL_SUBJECT_AND_ALTERNATIVE_NAMES is used automatically when usernameFrom=UPN","description_kind":"markdown","optional":true,"computed":true},"description":{"type":"string","description_kind":"plain","optional":true,"computed":true},"external_identity_store_name":{"type":"string","description":"Referred IDStore name for the Certificate Profile or [not applicable] in case no identity store is chosen","description_kind":"markdown","optional":true,"computed":true},"id":{"type":"string","description_kind":"plain","optional":true,"computed":true},"link":{"type":["list",["object",{"href":"string","rel":"string","type":"string"}]],"description_kind":"plain","computed":true},"match_mode":{"type":"string","description":"Match mode of the Certificate Profile.\nAllowed values:\n- NEVER\n- RESOLVE_IDENTITY_AMBIGUITY\n- BINARY_COMPARISON","description_kind":"markdown","optional":true,"computed":true},"name":{"type":"string","description_kind":"plain","optional":true,"computed":true},"username_from":{"type":"string","description":"The attribute in the certificate where the user name should be taken from.\nAllowed values:\n- CERTIFICATE (for a specific attribute as defined in certificateAttributeName)\n- UPN (for using any Subject or Alternative Name Attributes in the Certificate - an option only in AD)","description_kind":"markdown","optional":true,"computed":true}},"description_kind":"plain"}}},"description":"It manages create, read and update operations on CertificateProfile.\n\n- This resource allows the client to update a certificate profile.\n\n- This resource allows the client to create a certificate profile.\n","description_kind":"markdown"}},"ciscoise_device_administration_authentication_rules":{"version":0,"block":{"attributes":{"id":{"type":"string","description_kind":"plain","optional":true,"computed":true},"last_updated":{"type":"string","description_kind":"plain","computed":true}},"block_types":{"item":{"nesting_mode":"list","block":{"attributes":{"id":{"type":"string","description":"id path parameter. Rule id","description_kind":"markdown","optional":true},"identity_source_id":{"type":"string","description":"Identity source id from the identity stores","description_kind":"markdown","optional":true,"computed":true},"identity_source_name":{"type":"string","description":"Identity source name from the identity stores","description_kind":"markdown","optional":true,"computed":true},"if_auth_fail":{"type":"string","description":"Action to perform when authentication fails such as Bad credentials, disabled user and so on","description_kind":"markdown","optional":true,"computed":true},"if_process_fail":{"type":"string","description":"Action to perform when ISE is uanble to access the identity database","description_kind":"markdown","optional":true,"computed":true},"if_user_not_found":{"type":"string","description":"Action to perform when user is not found in any of identity stores","description_kind":"markdown","optional":true,"computed":true},"link":{"type":["list",["object",{"href":"string","rel":"string","type":"string"}]],"description_kind":"plain","computed":true},"policy_id":{"type":"string","description":"policyId path parameter. Policy id","description_kind":"markdown","optional":true}},"block_types":{"rule":{"nesting_mode":"list","block":{"attributes":{"default":{"type":"string","description":"Indicates if this rule is the default one","description_kind":"markdown","optional":true,"computed":true},"hit_counts":{"type":"number","description":"The amount of times the rule was matched","description_kind":"markdown","optional":true,"computed":true},"id":{"type":"string","description":"The identifier of the rule","description_kind":"markdown","optional":true,"computed":true},"name":{"type":"string","description":"Rule name, [Valid characters are alphanumerics, underscore, hyphen, space, period, parentheses]","description_kind":"markdown","optional":true,"computed":true},"rank":{"type":"number","description":"The rank(priority) in relation to other rules. Lower rank is higher priority.","description_kind":"markdown","optional":true,"computed":true},"state":{"type":"string","description":"The state that the rule is in. A disabled rule cannot be matched.","description_kind":"markdown","optional":true,"computed":true}},"block_types":{"condition":{"nesting_mode":"list","block":{"attributes":{"attribute_id":{"type":"string","description":"Dictionary attribute id (Optional), used for additional verification","description_kind":"markdown","optional":true,"computed":true},"attribute_name":{"type":"string","description":"Dictionary attribute name","description_kind":"markdown","optional":true,"computed":true},"attribute_value":{"type":"string","description":"\u003cul\u003e\u003cli\u003eAttribute value for condition\u003c/li\u003e \u003cli\u003eValue type is specified in dictionary object\u003c/li\u003e \u003cli\u003eif multiple values allowed is specified in dictionary object\u003c/li\u003e\u003c/ul\u003e","description_kind":"markdown","optional":true,"computed":true},"condition_type":{"type":"string","description":"\u003cul\u003e\u003cli\u003eInidicates whether the record is the condition itself(data) or a logical(or,and) aggregation\u003c/li\u003e \u003cli\u003eData type enum(reference,single) indicates than \"conditonId\" OR \"ConditionAttrs\" fields should contain condition data but not both\u003c/li\u003e \u003cli\u003eLogical aggreation(and,or) enum indicates that additional conditions are present under the children field\u003c/li\u003e\u003c/ul\u003e","description_kind":"markdown","optional":true,"computed":true},"description":{"type":"string","description":"Condition description","description_kind":"markdown","optional":true,"computed":true},"dictionary_name":{"type":"string","description":"Dictionary name","description_kind":"markdown","optional":true,"computed":true},"dictionary_value":{"type":"string","description":"Dictionary value","description_kind":"markdown","optional":true,"computed":true},"id":{"type":"string","description_kind":"plain","optional":true,"computed":true},"is_negate":{"type":"string","description":"Indicates whereas this condition is in negate mode","description_kind":"markdown","optional":true,"computed":true},"link":{"type":["list",["object",{"href":"string","rel":"string","type":"string"}]],"description_kind":"plain","computed":true},"name":{"type":"string","description":"Condition name","description_kind":"markdown","optional":true,"computed":true},"operator":{"type":"string","description":"Equality operator","description_kind":"markdown","optional":true,"computed":true},"week_days":{"type":["list","string"],"description":"\u003cp\u003eDefines for which days this condition will be matched\u003cbr\u003e Days format - Arrays of WeekDay enums \u003cbr\u003e Default - List of All week days\u003c/p\u003e","description_kind":"markdown","optional":true,"computed":true},"week_days_exception":{"type":["list","string"],"description":"\u003cp\u003eDefines for which days this condition will NOT be matched\u003cbr\u003e Days format - Arrays of WeekDay enums \u003cbr\u003e Default - Not enabled\u003c/p\u003e","description_kind":"markdown","optional":true,"computed":true}},"block_types":{"children":{"nesting_mode":"list","block":{"attributes":{"condition_type":{"type":"string","description":"\u003cul\u003e\u003cli\u003eInidicates whether the record is the condition itself(data) or a logical(or,and) aggregation\u003c/li\u003e \u003cli\u003eData type enum(reference,single) indicates than \"conditonId\" OR \"ConditionAttrs\" fields should contain condition data but not both\u003c/li\u003e \u003cli\u003eLogical aggreation(and,or) enum indicates that additional conditions are present under the children field\u003c/li\u003e\u003c/ul\u003e","description_kind":"markdown","optional":true,"computed":true},"is_negate":{"type":"string","description":"Indicates whereas this condition is in negate mode","description_kind":"markdown","optional":true,"computed":true},"link":{"type":["list",["object",{"href":"string","rel":"string","type":"string"}]],"description_kind":"plain","computed":true}},"description":"In case type is andBlock or orBlock addtional conditions will be aggregated under this logical (OR/AND) condition","description_kind":"markdown"}},"dates_range":{"nesting_mode":"list","block":{"attributes":{"end_date":{"type":"string","description_kind":"plain","optional":true,"computed":true},"start_date":{"type":"string","description_kind":"plain","optional":true,"computed":true}},"description":"\u003cp\u003eDefines for which date/s TimeAndDate condition will be matched or NOT matched if used in exceptionDates prooperty\u003cbr\u003e Options are - Date range, for specific date, the same date should be used for start/end date \u003cbr\u003e Default - no specific dates\u003cbr\u003e In order to reset the dates to have no specific dates Date format - yyyy-mm-dd (MM = month, dd = day, yyyy = year)\u003c/p\u003e","description_kind":"markdown"}},"dates_range_exception":{"nesting_mode":"list","block":{"attributes":{"end_date":{"type":"string","description_kind":"plain","optional":true,"computed":true},"start_date":{"type":"string","description_kind":"plain","optional":true,"computed":true}},"description":"\u003cp\u003eDefines for which date/s TimeAndDate condition will be matched or NOT matched if used in exceptionDates prooperty\u003cbr\u003e Options are - Date range, for specific date, the same date should be used for start/end date \u003cbr\u003e Default - no specific dates\u003cbr\u003e In order to reset the dates to have no specific dates Date format - yyyy-mm-dd (MM = month, dd = day, yyyy = year)\u003c/p\u003e","description_kind":"markdown"}},"hours_range":{"nesting_mode":"list","block":{"attributes":{"end_time":{"type":"string","description_kind":"plain","optional":true,"computed":true},"start_time":{"type":"string","description_kind":"plain","optional":true,"computed":true}},"description":"\u003cp\u003eDefines for which hours a TimeAndDate condition will be matched or not matched if used in exceptionHours property\u003cbr\u003e Time foramt - hh:mm  ( h = hour , mm = minutes ) \u003cbr\u003e Default - All Day \u003c/p\u003e","description_kind":"markdown"}},"hours_range_exception":{"nesting_mode":"list","block":{"attributes":{"end_time":{"type":"string","description_kind":"plain","optional":true,"computed":true},"start_time":{"type":"string","description_kind":"plain","optional":true,"computed":true}},"description":"\u003cp\u003eDefines for which hours a TimeAndDate condition will be matched or not matched if used in exceptionHours property\u003cbr\u003e Time foramt - hh:mm  ( h = hour , mm = minutes ) \u003cbr\u003e Default - All Day \u003c/p\u003e","description_kind":"markdown"}}},"description_kind":"plain"}}},"description":"Common attributes in rule authentication/authorization","description_kind":"markdown"}}},"description_kind":"plain"}}},"description":"It manages create, read, update and delete operations on Device Administration - Authentication Rules.\n\n- Device Admin Create authentication rule.\n\n- Device Admin Update rule.\n\n- Device Admin Delete rule.\n","description_kind":"markdown"}},"ciscoise_device_administration_authorization_rules":{"version":0,"block":{"attributes":{"id":{"type":"string","description_kind":"plain","optional":true,"computed":true},"last_updated":{"type":"string","description_kind":"plain","computed":true}},"block_types":{"item":{"nesting_mode":"list","block":{"attributes":{"commands":{"type":["list","string"],"description":"Command sets enforce the specified list of commands that can be executed by a device administrator","description_kind":"markdown","optional":true,"computed":true},"id":{"type":"string","description":"id path parameter. Rule id","description_kind":"markdown","optional":true},"link":{"type":["list",["object",{"href":"string","rel":"string","type":"string"}]],"description_kind":"plain","computed":true},"policy_id":{"type":"string","description":"policyId path parameter. Policy id","description_kind":"markdown","optional":true},"profile":{"type":"string","description":"Device admin profiles control the initial login session of the device administrator","description_kind":"markdown","optional":true,"computed":true}},"block_types":{"rule":{"nesting_mode":"list","block":{"attributes":{"default":{"type":"string","description":"Indicates if this rule is the default one","description_kind":"markdown","optional":true,"computed":true},"hit_counts":{"type":"number","description":"The amount of times the rule was matched","description_kind":"markdown","optional":true,"computed":true},"id":{"type":"string","description":"The identifier of the rule","description_kind":"markdown","optional":true,"computed":true},"name":{"type":"string","description":"Rule name, [Valid characters are alphanumerics, underscore, hyphen, space, period, parentheses]","description_kind":"markdown","optional":true,"computed":true},"rank":{"type":"number","description":"The rank(priority) in relation to other rules. Lower rank is higher priority.","description_kind":"markdown","optional":true,"computed":true},"state":{"type":"string","description":"The state that the rule is in. A disabled rule cannot be matched.","description_kind":"markdown","optional":true,"computed":true}},"block_types":{"condition":{"nesting_mode":"list","block":{"attributes":{"attribute_id":{"type":"string","description":"Dictionary attribute id (Optional), used for additional verification","description_kind":"markdown","optional":true,"computed":true},"attribute_name":{"type":"string","description":"Dictionary attribute name","description_kind":"markdown","optional":true,"computed":true},"attribute_value":{"type":"string","description":"\u003cul\u003e\u003cli\u003eAttribute value for condition\u003c/li\u003e \u003cli\u003eValue type is specified in dictionary object\u003c/li\u003e \u003cli\u003eif multiple values allowed is specified in dictionary object\u003c/li\u003e\u003c/ul\u003e","description_kind":"markdown","optional":true,"computed":true},"condition_type":{"type":"string","description":"\u003cul\u003e\u003cli\u003eInidicates whether the record is the condition itself(data) or a logical(or,and) aggregation\u003c/li\u003e \u003cli\u003eData type enum(reference,single) indicates than \"conditonId\" OR \"ConditionAttrs\" fields should contain condition data but not both\u003c/li\u003e \u003cli\u003eLogical aggreation(and,or) enum indicates that additional conditions are present under the children field\u003c/li\u003e\u003c/ul\u003e","description_kind":"markdown","optional":true,"computed":true},"description":{"type":"string","description":"Condition description","description_kind":"markdown","optional":true,"computed":true},"dictionary_name":{"type":"string","description":"Dictionary name","description_kind":"markdown","optional":true,"computed":true},"dictionary_value":{"type":"string","description":"Dictionary value","description_kind":"markdown","optional":true,"computed":true},"id":{"type":"string","description_kind":"plain","optional":true,"computed":true},"is_negate":{"type":"string","description":"Indicates whereas this condition is in negate mode","description_kind":"markdown","optional":true,"computed":true},"link":{"type":["list",["object",{"href":"string","rel":"string","type":"string"}]],"description_kind":"plain","computed":true},"name":{"type":"string","description":"Condition name","description_kind":"markdown","optional":true,"computed":true},"operator":{"type":"string","description":"Equality operator","description_kind":"markdown","optional":true,"computed":true},"week_days":{"type":["list","string"],"description":"\u003cp\u003eDefines for which days this condition will be matched\u003cbr\u003e Days format - Arrays of WeekDay enums \u003cbr\u003e Default - List of All week days\u003c/p\u003e","description_kind":"markdown","optional":true,"computed":true},"week_days_exception":{"type":["list","string"],"description":"\u003cp\u003eDefines for which days this condition will NOT be matched\u003cbr\u003e Days format - Arrays of WeekDay enums \u003cbr\u003e Default - Not enabled\u003c/p\u003e","description_kind":"markdown","optional":true,"computed":true}},"block_types":{"children":{"nesting_mode":"list","block":{"attributes":{"condition_type":{"type":"string","description":"\u003cul\u003e\u003cli\u003eInidicates whether the record is the condition itself(data) or a logical(or,and) aggregation\u003c/li\u003e \u003cli\u003eData type enum(reference,single) indicates than \"conditonId\" OR \"ConditionAttrs\" fields should contain condition data but not both\u003c/li\u003e \u003cli\u003eLogical aggreation(and,or) enum indicates that additional conditions are present under the children field\u003c/li\u003e\u003c/ul\u003e","description_kind":"markdown","optional":true,"computed":true},"is_negate":{"type":"string","description":"Indicates whereas this condition is in negate mode","description_kind":"markdown","optional":true,"computed":true},"link":{"type":["list",["object",{"href":"string","rel":"string","type":"string"}]],"description_kind":"plain","computed":true}},"description":"In case type is andBlock or orBlock addtional conditions will be aggregated under this logical (OR/AND) condition","description_kind":"markdown"}},"dates_range":{"nesting_mode":"list","block":{"attributes":{"end_date":{"type":"string","description_kind":"plain","optional":true,"computed":true},"start_date":{"type":"string","description_kind":"plain","optional":true,"computed":true}},"description":"\u003cp\u003eDefines for which date/s TimeAndDate condition will be matched or NOT matched if used in exceptionDates prooperty\u003cbr\u003e Options are - Date range, for specific date, the same date should be used for start/end date \u003cbr\u003e Default - no specific dates\u003cbr\u003e In order to reset the dates to have no specific dates Date format - yyyy-mm-dd (MM = month, dd = day, yyyy = year)\u003c/p\u003e","description_kind":"markdown"}},"dates_range_exception":{"nesting_mode":"list","block":{"attributes":{"end_date":{"type":"string","description_kind":"plain","optional":true,"computed":true},"start_date":{"type":"string","description_kind":"plain","optional":true,"computed":true}},"description":"\u003cp\u003eDefines for which date/s TimeAndDate condition will be matched or NOT matched if used in exceptionDates prooperty\u003cbr\u003e Options are - Date range, for specific date, the same date should be used for start/end date \u003cbr\u003e Default - no specific dates\u003cbr\u003e In order to reset the dates to have no specific dates Date format - yyyy-mm-dd (MM = month, dd = day, yyyy = year)\u003c/p\u003e","description_kind":"markdown"}},"hours_range":{"nesting_mode":"list","block":{"attributes":{"end_time":{"type":"string","description_kind":"plain","optional":true,"computed":true},"start_time":{"type":"string","description_kind":"plain","optional":true,"computed":true}},"description":"\u003cp\u003eDefines for which hours a TimeAndDate condition will be matched or not matched if used in exceptionHours property\u003cbr\u003e Time foramt - hh:mm  ( h = hour , mm = minutes ) \u003cbr\u003e Default - All Day \u003c/p\u003e","description_kind":"markdown"}},"hours_range_exception":{"nesting_mode":"list","block":{"attributes":{"end_time":{"type":"string","description_kind":"plain","optional":true,"computed":true},"start_time":{"type":"string","description_kind":"plain","optional":true,"computed":true}},"description":"\u003cp\u003eDefines for which hours a TimeAndDate condition will be matched or not matched if used in exceptionHours property\u003cbr\u003e Time foramt - hh:mm  ( h = hour , mm = minutes ) \u003cbr\u003e Default - All Day \u003c/p\u003e","description_kind":"markdown"}}},"description_kind":"plain"}}},"description":"Common attributes in rule authentication/authorization","description_kind":"markdown"}}},"description_kind":"plain"}}},"description":"It manages create, read, update and delete operations on Device Administration - Authorization Rules.\n\n- Device Admin Create authorization rule.\n\n- Device Admin Update authorization rule.\n\n- Device Admin Delete authorization rule.\n","description_kind":"markdown"}},"ciscoise_device_administration_conditions":{"version":0,"block":{"attributes":{"id":{"type":"string","description_kind":"plain","optional":true,"computed":true},"last_updated":{"type":"string","description_kind":"plain","computed":true}},"block_types":{"item":{"nesting_mode":"list","block":{"attributes":{"attribute_id":{"type":"string","description":"Dictionary attribute id (Optional), used for additional verification","description_kind":"markdown","optional":true,"computed":true},"attribute_name":{"type":"string","description":"Dictionary attribute name","description_kind":"markdown","optional":true,"computed":true},"attribute_value":{"type":"string","description":"\u003cul\u003e\u003cli\u003eAttribute value for condition\u003c/li\u003e \u003cli\u003eValue type is specified in dictionary object\u003c/li\u003e \u003cli\u003eif multiple values allowed is specified in dictionary object\u003c/li\u003e\u003c/ul\u003e","description_kind":"markdown","optional":true,"computed":true},"condition_type":{"type":"string","description":"\u003cul\u003e\u003cli\u003eInidicates whether the record is the condition itself(data) or a logical(or,and) aggregation\u003c/li\u003e \u003cli\u003eData type enum(reference,single) indicates than \"conditonId\" OR \"ConditionAttrs\" fields should contain condition data but not both\u003c/li\u003e \u003cli\u003eLogical aggreation(and,or) enum indicates that additional conditions are present under the children field\u003c/li\u003e\u003c/ul\u003e","description_kind":"markdown","optional":true,"computed":true},"description":{"type":"string","description":"Condition description","description_kind":"markdown","optional":true,"computed":true},"dictionary_name":{"type":"string","description":"Dictionary name","description_kind":"markdown","optional":true,"computed":true},"dictionary_value":{"type":"string","description":"Dictionary value","description_kind":"markdown","optional":true,"computed":true},"id":{"type":"string","description_kind":"plain","optional":true,"computed":true},"is_negate":{"type":"string","description":"Indicates whereas this condition is in negate mode","description_kind":"markdown","optional":true,"computed":true},"link":{"type":["list",["object",{"href":"string","rel":"string","type":"string"}]],"description_kind":"plain","computed":true},"name":{"type":"string","description":"Condition name","description_kind":"markdown","optional":true,"computed":true},"operator":{"type":"string","description":"Equality operator","description_kind":"markdown","optional":true,"computed":true},"week_days":{"type":["list","string"],"description":"\u003cp\u003eDefines for which days this condition will be matched\u003cbr\u003e Days format - Arrays of WeekDay enums \u003cbr\u003e Default - List of All week days\u003c/p\u003e","description_kind":"markdown","optional":true,"computed":true},"week_days_exception":{"type":["list","string"],"description":"\u003cp\u003eDefines for which days this condition will NOT be matched\u003cbr\u003e Days format - Arrays of WeekDay enums \u003cbr\u003e Default - Not enabled\u003c/p\u003e","description_kind":"markdown","optional":true,"computed":true}},"block_types":{"children":{"nesting_mode":"list","block":{"attributes":{"condition_type":{"type":"string","description":"\u003cul\u003e\u003cli\u003eInidicates whether the record is the condition itself(data) or a logical(or,and) aggregation\u003c/li\u003e \u003cli\u003eData type enum(reference,single) indicates than \"conditonId\" OR \"ConditionAttrs\" fields should contain condition data but not both\u003c/li\u003e \u003cli\u003eLogical aggreation(and,or) enum indicates that additional conditions are present under the children field\u003c/li\u003e\u003c/ul\u003e","description_kind":"markdown","optional":true,"computed":true},"is_negate":{"type":"string","description":"Indicates whereas this condition is in negate mode","description_kind":"markdown","optional":true,"computed":true},"link":{"type":["list",["object",{"href":"string","rel":"string","type":"string"}]],"description_kind":"plain","computed":true}},"description":"In case type is andBlock or orBlock addtional conditions will be aggregated under this logical (OR/AND) condition","description_kind":"markdown"}},"dates_range":{"nesting_mode":"list","block":{"attributes":{"end_date":{"type":"string","description_kind":"plain","optional":true,"computed":true},"start_date":{"type":"string","description_kind":"plain","optional":true,"computed":true}},"description":"\u003cp\u003eDefines for which date/s TimeAndDate condition will be matched or NOT matched if used in exceptionDates prooperty\u003cbr\u003e Options are - Date range, for specific date, the same date should be used for start/end date \u003cbr\u003e Default - no specific dates\u003cbr\u003e In order to reset the dates to have no specific dates Date format - yyyy-mm-dd (MM = month, dd = day, yyyy = year)\u003c/p\u003e","description_kind":"markdown"}},"dates_range_exception":{"nesting_mode":"list","block":{"attributes":{"end_date":{"type":"string","description_kind":"plain","optional":true,"computed":true},"start_date":{"type":"string","description_kind":"plain","optional":true,"computed":true}},"description":"\u003cp\u003eDefines for which date/s TimeAndDate condition will be matched or NOT matched if used in exceptionDates prooperty\u003cbr\u003e Options are - Date range, for specific date, the same date should be used for start/end date \u003cbr\u003e Default - no specific dates\u003cbr\u003e In order to reset the dates to have no specific dates Date format - yyyy-mm-dd (MM = month, dd = day, yyyy = year)\u003c/p\u003e","description_kind":"markdown"}},"hours_range":{"nesting_mode":"list","block":{"attributes":{"end_time":{"type":"string","description_kind":"plain","optional":true,"computed":true},"start_time":{"type":"string","description_kind":"plain","optional":true,"computed":true}},"description":"\u003cp\u003eDefines for which hours a TimeAndDate condition will be matched or not matched if used in exceptionHours property\u003cbr\u003e Time foramt - hh:mm  ( h = hour , mm = minutes ) \u003cbr\u003e Default - All Day \u003c/p\u003e","description_kind":"markdown"}},"hours_range_exception":{"nesting_mode":"list","block":{"attributes":{"end_time":{"type":"string","description_kind":"plain","optional":true,"computed":true},"start_time":{"type":"string","description_kind":"plain","optional":true,"computed":true}},"description":"\u003cp\u003eDefines for which hours a TimeAndDate condition will be matched or not matched if used in exceptionHours property\u003cbr\u003e Time foramt - hh:mm  ( h = hour , mm = minutes ) \u003cbr\u003e Default - All Day \u003c/p\u003e","description_kind":"markdown"}}},"description_kind":"plain"}}},"description":"It manages create, read, update and delete operations on Device Administration - Conditions.\n\n- Device Admin Creates a library condition.\n\n- Device Admin Update library condition using condition name.\n\n- NDevice Admin Delete a library condition using condition Name.\n\n- Device Admin Update library condition.\n\n- Device Admin Delete a library condition.\n","description_kind":"markdown"}},"ciscoise_device_administration_global_exception_rules":{"version":0,"block":{"attributes":{"id":{"type":"string","description_kind":"plain","optional":true,"computed":true},"last_updated":{"type":"string","description_kind":"plain","computed":true}},"block_types":{"item":{"nesting_mode":"list","block":{"attributes":{"commands":{"type":["list","string"],"description":"Command sets enforce the specified list of commands that can be executed by a device administrator","description_kind":"markdown","optional":true,"computed":true},"id":{"type":"string","description":"id path parameter. Rule id","description_kind":"markdown","optional":true},"link":{"type":["list",["object",{"href":"string","rel":"string","type":"string"}]],"description_kind":"plain","computed":true},"profile":{"type":"string","description":"Device admin profiles control the initial login session of the device administrator","description_kind":"markdown","optional":true,"computed":true}},"block_types":{"rule":{"nesting_mode":"list","block":{"attributes":{"default":{"type":"string","description":"Indicates if this rule is the default one","description_kind":"markdown","optional":true,"computed":true},"hit_counts":{"type":"number","description":"The amount of times the rule was matched","description_kind":"markdown","optional":true,"computed":true},"id":{"type":"string","description":"The identifier of the rule","description_kind":"markdown","optional":true,"computed":true},"name":{"type":"string","description":"Rule name, [Valid characters are alphanumerics, underscore, hyphen, space, period, parentheses]","description_kind":"markdown","optional":true,"computed":true},"rank":{"type":"number","description":"The rank(priority) in relation to other rules. Lower rank is higher priority.","description_kind":"markdown","optional":true,"computed":true},"state":{"type":"string","description":"The state that the rule is in. A disabled rule cannot be matched.","description_kind":"markdown","optional":true,"computed":true}},"block_types":{"condition":{"nesting_mode":"list","block":{"attributes":{"attribute_id":{"type":"string","description":"Dictionary attribute id (Optional), used for additional verification","description_kind":"markdown","optional":true,"computed":true},"attribute_name":{"type":"string","description":"Dictionary attribute name","description_kind":"markdown","optional":true,"computed":true},"attribute_value":{"type":"string","description":"\u003cul\u003e\u003cli\u003eAttribute value for condition\u003c/li\u003e \u003cli\u003eValue type is specified in dictionary object\u003c/li\u003e \u003cli\u003eif multiple values allowed is specified in dictionary object\u003c/li\u003e\u003c/ul\u003e","description_kind":"markdown","optional":true,"computed":true},"condition_type":{"type":"string","description":"\u003cul\u003e\u003cli\u003eInidicates whether the record is the condition itself(data) or a logical(or,and) aggregation\u003c/li\u003e \u003cli\u003eData type enum(reference,single) indicates than \"conditonId\" OR \"ConditionAttrs\" fields should contain condition data but not both\u003c/li\u003e \u003cli\u003eLogical aggreation(and,or) enum indicates that additional conditions are present under the children field\u003c/li\u003e\u003c/ul\u003e","description_kind":"markdown","optional":true,"computed":true},"description":{"type":"string","description":"Condition description","description_kind":"markdown","optional":true,"computed":true},"dictionary_name":{"type":"string","description":"Dictionary name","description_kind":"markdown","optional":true,"computed":true},"dictionary_value":{"type":"string","description":"Dictionary value","description_kind":"markdown","optional":true,"computed":true},"id":{"type":"string","description_kind":"plain","optional":true,"computed":true},"is_negate":{"type":"string","description":"Indicates whereas this condition is in negate mode","description_kind":"markdown","optional":true,"computed":true},"link":{"type":["list",["object",{"href":"string","rel":"string","type":"string"}]],"description_kind":"plain","computed":true},"name":{"type":"string","description":"Condition name","description_kind":"markdown","optional":true,"computed":true},"operator":{"type":"string","description":"Equality operator","description_kind":"markdown","optional":true,"computed":true},"week_days":{"type":["list","string"],"description":"\u003cp\u003eDefines for which days this condition will be matched\u003cbr\u003e Days format - Arrays of WeekDay enums \u003cbr\u003e Default - List of All week days\u003c/p\u003e","description_kind":"markdown","optional":true,"computed":true},"week_days_exception":{"type":["list","string"],"description":"\u003cp\u003eDefines for which days this condition will NOT be matched\u003cbr\u003e Days format - Arrays of WeekDay enums \u003cbr\u003e Default - Not enabled\u003c/p\u003e","description_kind":"markdown","optional":true,"computed":true}},"block_types":{"children":{"nesting_mode":"list","block":{"attributes":{"condition_type":{"type":"string","description":"\u003cul\u003e\u003cli\u003eInidicates whether the record is the condition itself(data) or a logical(or,and) aggregation\u003c/li\u003e \u003cli\u003eData type enum(reference,single) indicates than \"conditonId\" OR \"ConditionAttrs\" fields should contain condition data but not both\u003c/li\u003e \u003cli\u003eLogical aggreation(and,or) enum indicates that additional conditions are present under the children field\u003c/li\u003e\u003c/ul\u003e","description_kind":"markdown","optional":true,"computed":true},"is_negate":{"type":"string","description":"Indicates whereas this condition is in negate mode","description_kind":"markdown","optional":true,"computed":true},"link":{"type":["list",["object",{"href":"string","rel":"string","type":"string"}]],"description_kind":"plain","computed":true}},"description":"In case type is andBlock or orBlock addtional conditions will be aggregated under this logical (OR/AND) condition","description_kind":"markdown"}},"dates_range":{"nesting_mode":"list","block":{"attributes":{"end_date":{"type":"string","description_kind":"plain","optional":true,"computed":true},"start_date":{"type":"string","description_kind":"plain","optional":true,"computed":true}},"description":"\u003cp\u003eDefines for which date/s TimeAndDate condition will be matched or NOT matched if used in exceptionDates prooperty\u003cbr\u003e Options are - Date range, for specific date, the same date should be used for start/end date \u003cbr\u003e Default - no specific dates\u003cbr\u003e In order to reset the dates to have no specific dates Date format - yyyy-mm-dd (MM = month, dd = day, yyyy = year)\u003c/p\u003e","description_kind":"markdown"}},"dates_range_exception":{"nesting_mode":"list","block":{"attributes":{"end_date":{"type":"string","description_kind":"plain","optional":true,"computed":true},"start_date":{"type":"string","description_kind":"plain","optional":true,"computed":true}},"description":"\u003cp\u003eDefines for which date/s TimeAndDate condition will be matched or NOT matched if used in exceptionDates prooperty\u003cbr\u003e Options are - Date range, for specific date, the same date should be used for start/end date \u003cbr\u003e Default - no specific dates\u003cbr\u003e In order to reset the dates to have no specific dates Date format - yyyy-mm-dd (MM = month, dd = day, yyyy = year)\u003c/p\u003e","description_kind":"markdown"}},"hours_range":{"nesting_mode":"list","block":{"attributes":{"end_time":{"type":"string","description_kind":"plain","optional":true,"computed":true},"start_time":{"type":"string","description_kind":"plain","optional":true,"computed":true}},"description":"\u003cp\u003eDefines for which hours a TimeAndDate condition will be matched or not matched if used in exceptionHours property\u003cbr\u003e Time foramt - hh:mm  ( h = hour , mm = minutes ) \u003cbr\u003e Default - All Day \u003c/p\u003e","description_kind":"markdown"}},"hours_range_exception":{"nesting_mode":"list","block":{"attributes":{"end_time":{"type":"string","description_kind":"plain","optional":true,"computed":true},"start_time":{"type":"string","description_kind":"plain","optional":true,"computed":true}},"description":"\u003cp\u003eDefines for which hours a TimeAndDate condition will be matched or not matched if used in exceptionHours property\u003cbr\u003e Time foramt - hh:mm  ( h = hour , mm = minutes ) \u003cbr\u003e Default - All Day \u003c/p\u003e","description_kind":"markdown"}}},"description_kind":"plain"}}},"description":"Common attributes in rule authentication/authorization","description_kind":"markdown"}}},"description_kind":"plain"}}},"description":"It manages create, read, update and delete operations on Device Administration - Authorization Global\nException Rules.\n\n- Device Admin Create global exception authorization rule.\n\n- Device Admin Update global exception authorization rule.\n\n- Device Admin Delete global exception authorization rule.\n","description_kind":"markdown"}},"ciscoise_device_administration_local_exception_rules":{"version":0,"block":{"attributes":{"id":{"type":"string","description_kind":"plain","optional":true,"computed":true},"last_updated":{"type":"string","description_kind":"plain","computed":true}},"block_types":{"item":{"nesting_mode":"list","block":{"attributes":{"commands":{"type":["list","string"],"description":"Command sets enforce the specified list of commands that can be executed by a device administrator","description_kind":"markdown","optional":true,"computed":true},"id":{"type":"string","description":"id path parameter. Rule id","description_kind":"markdown","optional":true},"link":{"type":["list",["object",{"href":"string","rel":"string","type":"string"}]],"description_kind":"plain","computed":true},"policy_id":{"type":"string","description":"policyId path parameter. Policy id","description_kind":"markdown","optional":true},"profile":{"type":"string","description":"Device admin profiles control the initial login session of the device administrator","description_kind":"markdown","optional":true,"computed":true}},"block_types":{"rule":{"nesting_mode":"list","block":{"attributes":{"default":{"type":"string","description":"Indicates if this rule is the default one","description_kind":"markdown","optional":true,"computed":true},"hit_counts":{"type":"number","description":"The amount of times the rule was matched","description_kind":"markdown","optional":true,"computed":true},"id":{"type":"string","description":"The identifier of the rule","description_kind":"markdown","optional":true,"computed":true},"name":{"type":"string","description":"Rule name, [Valid characters are alphanumerics, underscore, hyphen, space, period, parentheses]","description_kind":"markdown","optional":true,"computed":true},"rank":{"type":"number","description":"The rank(priority) in relation to other rules. Lower rank is higher priority.","description_kind":"markdown","optional":true,"computed":true},"state":{"type":"string","description":"The state that the rule is in. A disabled rule cannot be matched.","description_kind":"markdown","optional":true,"computed":true}},"block_types":{"condition":{"nesting_mode":"list","block":{"attributes":{"attribute_id":{"type":"string","description":"Dictionary attribute id (Optional), used for additional verification","description_kind":"markdown","optional":true,"computed":true},"attribute_name":{"type":"string","description":"Dictionary attribute name","description_kind":"markdown","optional":true,"computed":true},"attribute_value":{"type":"string","description":"\u003cul\u003e\u003cli\u003eAttribute value for condition\u003c/li\u003e \u003cli\u003eValue type is specified in dictionary object\u003c/li\u003e \u003cli\u003eif multiple values allowed is specified in dictionary object\u003c/li\u003e\u003c/ul\u003e","description_kind":"markdown","optional":true,"computed":true},"condition_type":{"type":"string","description":"\u003cul\u003e\u003cli\u003eInidicates whether the record is the condition itself(data) or a logical(or,and) aggregation\u003c/li\u003e \u003cli\u003eData type enum(reference,single) indicates than \"conditonId\" OR \"ConditionAttrs\" fields should contain condition data but not both\u003c/li\u003e \u003cli\u003eLogical aggreation(and,or) enum indicates that additional conditions are present under the children field\u003c/li\u003e\u003c/ul\u003e","description_kind":"markdown","optional":true,"computed":true},"description":{"type":"string","description":"Condition description","description_kind":"markdown","optional":true,"computed":true},"dictionary_name":{"type":"string","description":"Dictionary name","description_kind":"markdown","optional":true,"computed":true},"dictionary_value":{"type":"string","description":"Dictionary value","description_kind":"markdown","optional":true,"computed":true},"id":{"type":"string","description_kind":"plain","optional":true,"computed":true},"is_negate":{"type":"string","description":"Indicates whereas this condition is in negate mode","description_kind":"markdown","optional":true,"computed":true},"link":{"type":["list",["object",{"href":"string","rel":"string","type":"string"}]],"description_kind":"plain","computed":true},"name":{"type":"string","description":"Condition name","description_kind":"markdown","optional":true,"computed":true},"operator":{"type":"string","description":"Equality operator","description_kind":"markdown","optional":true,"computed":true},"week_days":{"type":["list","string"],"description":"\u003cp\u003eDefines for which days this condition will be matched\u003cbr\u003e Days format - Arrays of WeekDay enums \u003cbr\u003e Default - List of All week days\u003c/p\u003e","description_kind":"markdown","optional":true,"computed":true},"week_days_exception":{"type":["list","string"],"description":"\u003cp\u003eDefines for which days this condition will NOT be matched\u003cbr\u003e Days format - Arrays of WeekDay enums \u003cbr\u003e Default - Not enabled\u003c/p\u003e","description_kind":"markdown","optional":true,"computed":true}},"block_types":{"children":{"nesting_mode":"list","block":{"attributes":{"condition_type":{"type":"string","description":"\u003cul\u003e\u003cli\u003eInidicates whether the record is the condition itself(data) or a logical(or,and) aggregation\u003c/li\u003e \u003cli\u003eData type enum(reference,single) indicates than \"conditonId\" OR \"ConditionAttrs\" fields should contain condition data but not both\u003c/li\u003e \u003cli\u003eLogical aggreation(and,or) enum indicates that additional conditions are present under the children field\u003c/li\u003e\u003c/ul\u003e","description_kind":"markdown","optional":true,"computed":true},"is_negate":{"type":"string","description":"Indicates whereas this condition is in negate mode","description_kind":"markdown","optional":true,"computed":true},"link":{"type":["list",["object",{"href":"string","rel":"string","type":"string"}]],"description_kind":"plain","computed":true}},"description":"In case type is andBlock or orBlock addtional conditions will be aggregated under this logical (OR/AND) condition","description_kind":"markdown"}},"dates_range":{"nesting_mode":"list","block":{"attributes":{"end_date":{"type":"string","description_kind":"plain","optional":true,"computed":true},"start_date":{"type":"string","description_kind":"plain","optional":true,"computed":true}},"description":"\u003cp\u003eDefines for which date/s TimeAndDate condition will be matched or NOT matched if used in exceptionDates prooperty\u003cbr\u003e Options are - Date range, for specific date, the same date should be used for start/end date \u003cbr\u003e Default - no specific dates\u003cbr\u003e In order to reset the dates to have no specific dates Date format - yyyy-mm-dd (MM = month, dd = day, yyyy = year)\u003c/p\u003e","description_kind":"markdown"}},"dates_range_exception":{"nesting_mode":"list","block":{"attributes":{"end_date":{"type":"string","description_kind":"plain","optional":true,"computed":true},"start_date":{"type":"string","description_kind":"plain","optional":true,"computed":true}},"description":"\u003cp\u003eDefines for which date/s TimeAndDate condition will be matched or NOT matched if used in exceptionDates prooperty\u003cbr\u003e Options are - Date range, for specific date, the same date should be used for start/end date \u003cbr\u003e Default - no specific dates\u003cbr\u003e In order to reset the dates to have no specific dates Date format - yyyy-mm-dd (MM = month, dd = day, yyyy = year)\u003c/p\u003e","description_kind":"markdown"}},"hours_range":{"nesting_mode":"list","block":{"attributes":{"end_time":{"type":"string","description_kind":"plain","optional":true,"computed":true},"start_time":{"type":"string","description_kind":"plain","optional":true,"computed":true}},"description":"\u003cp\u003eDefines for which hours a TimeAndDate condition will be matched or not matched if used in exceptionHours property\u003cbr\u003e Time foramt - hh:mm  ( h = hour , mm = minutes ) \u003cbr\u003e Default - All Day \u003c/p\u003e","description_kind":"markdown"}},"hours_range_exception":{"nesting_mode":"list","block":{"attributes":{"end_time":{"type":"string","description_kind":"plain","optional":true,"computed":true},"start_time":{"type":"string","description_kind":"plain","optional":true,"computed":true}},"description":"\u003cp\u003eDefines for which hours a TimeAndDate condition will be matched or not matched if used in exceptionHours property\u003cbr\u003e Time foramt - hh:mm  ( h = hour , mm = minutes ) \u003cbr\u003e Default - All Day \u003c/p\u003e","description_kind":"markdown"}}},"description_kind":"plain"}}},"description":"Common attributes in rule authentication/authorization","description_kind":"markdown"}}},"description_kind":"plain"}}},"description":"It manages create, read, update and delete operations on Device Administration - Authorization Exception\nRules.\n\n- Device Admin Create local authorization exception rule.\n\n- Device Admin Update local exception rule.\n\n- Device Admin Delete local exception rule.\n","description_kind":"markdown"}},"ciscoise_device_administration_network_conditions":{"version":0,"block":{"attributes":{"id":{"type":"string","description_kind":"plain","optional":true,"computed":true},"last_updated":{"type":"string","description_kind":"plain","computed":true}},"block_types":{"item":{"nesting_mode":"list","block":{"attributes":{"condition_type":{"type":"string","description":"This field determines the content of the conditions field","description_kind":"markdown","optional":true,"computed":true},"description":{"type":"string","description_kind":"plain","optional":true,"computed":true},"id":{"type":"string","description_kind":"plain","optional":true,"computed":true},"link":{"type":["list",["object",{"href":"string","rel":"string","type":"string"}]],"description_kind":"plain","computed":true},"name":{"type":"string","description":"Network Condition name","description_kind":"markdown","optional":true,"computed":true}},"block_types":{"conditions":{"nesting_mode":"list","block":{"attributes":{"cli_dnis_list":{"type":["list","string"],"description":"\u003cp\u003eThis field should contain a Caller ID (CLI), comma, and Called ID (DNIS).\u003cbr\u003e Line format -  Caller ID (CLI), Called ID (DNIS)\u003c/p\u003e","description_kind":"markdown","optional":true,"computed":true},"device_group_list":{"type":["list","string"],"description":"\u003cp\u003eThis field should contain a tuple with NDG Root, comma, and an NDG (that it under the root).\u003cbr\u003e Line format - NDG Root Name, NDG, Port\u003c/p\u003e","description_kind":"markdown","optional":true,"computed":true},"device_list":{"type":["list","string"],"description":"\u003cp\u003eThis field should contain Device-Name,port-number. The device name must be the same as the name field in a Network Device object.\u003cbr\u003e Line format - Device Name,Port\u003c/p\u003e","description_kind":"markdown","optional":true,"computed":true},"ip_addr_list":{"type":["list","string"],"description":"\u003cp\u003eThis field should contain IP-address-or-subnet,port number\u003cbr\u003e IP address can be IPV4 format (n.n.n.n) or IPV6 format (n:n:n:n:n:n:n:n).\u003cbr\u003e IP subnet can be IPV4 format (n.n.n.n/m) or IPV6 format (n:n:n:n:n:n:n:n/m).\u003cbr\u003e Line format - IP Address or subnet,Port\u003c/p\u003e","description_kind":"markdown","optional":true,"computed":true},"mac_addr_list":{"type":["list","string"],"description":"\u003cp\u003eThis field should contain Endstation MAC address, comma, and Destination MAC addresses.\u003cbr\u003e Each Max address must include twelve hexadecimal digits using formats nn:nn:nn:nn:nn:nn or nn-nn-nn-nn-nn-nn or nnnn.nnnn.nnnn or nnnnnnnnnnnn.\u003cbr\u003e Line format - Endstation MAC,Destination MAC \u003c/p\u003e","description_kind":"markdown","optional":true,"computed":true}},"description_kind":"plain"}}},"description_kind":"plain"}}},"description":"It manages create, read, update and delete operations on Device Administration - Network Conditions.\n\n- Device AdminCreates network condition.\n\n- Device Admin Update network condition.\n\n- Device Admin Delete network condition.\n","description_kind":"markdown"}},"ciscoise_device_administration_policy_set":{"version":0,"block":{"attributes":{"id":{"type":"string","description_kind":"plain","optional":true,"computed":true},"last_updated":{"type":"string","description_kind":"plain","computed":true}},"block_types":{"item":{"nesting_mode":"list","block":{"attributes":{"default":{"type":"string","description":"Flag which indicates if this policy set is the default one","description_kind":"markdown","optional":true,"computed":true},"description":{"type":"string","description":"The description for the policy set","description_kind":"markdown","optional":true,"computed":true},"hit_counts":{"type":"number","description":"The amount of times the policy was matched","description_kind":"markdown","optional":true,"computed":true},"id":{"type":"string","description":"Identifier for the policy set","description_kind":"markdown","optional":true,"computed":true},"is_proxy":{"type":"string","description":"Flag which indicates if the policy set service is of type 'Proxy Sequence' or 'Allowed Protocols'","description_kind":"markdown","optional":true,"computed":true},"link":{"type":["list",["object",{"href":"string","rel":"string","type":"string"}]],"description_kind":"plain","computed":true},"name":{"type":"string","description":"Given name for the policy set, [Valid characters are alphanumerics, underscore, hyphen, space, period, parentheses]","description_kind":"markdown","optional":true,"computed":true},"rank":{"type":"number","description":"The rank(priority) in relation to other policy set. Lower rank is higher priority.","description_kind":"markdown","optional":true,"computed":true},"service_name":{"type":"string","description":"Policy set service identifier - Allowed Protocols,Server Sequence..","description_kind":"markdown","optional":true,"computed":true},"state":{"type":"string","description":"The state that the policy set is in. A disabled policy set cannot be matched.","description_kind":"markdown","optional":true,"computed":true}},"block_types":{"condition":{"nesting_mode":"list","block":{"attributes":{"attribute_id":{"type":"string","description":"Dictionary attribute id (Optional), used for additional verification","description_kind":"markdown","optional":true,"computed":true},"attribute_name":{"type":"string","description":"Dictionary attribute name","description_kind":"markdown","optional":true,"computed":true},"attribute_value":{"type":"string","description":"\u003cul\u003e\u003cli\u003eAttribute value for condition\u003c/li\u003e \u003cli\u003eValue type is specified in dictionary object\u003c/li\u003e \u003cli\u003eif multiple values allowed is specified in dictionary object\u003c/li\u003e\u003c/ul\u003e","description_kind":"markdown","optional":true,"computed":true},"condition_type":{"type":"string","description":"\u003cul\u003e\u003cli\u003eInidicates whether the record is the condition itself(data) or a logical(or,and) aggregation\u003c/li\u003e \u003cli\u003eData type enum(reference,single) indicates than \"conditonId\" OR \"ConditionAttrs\" fields should contain condition data but not both\u003c/li\u003e \u003cli\u003eLogical aggreation(and,or) enum indicates that additional conditions are present under the children field\u003c/li\u003e\u003c/ul\u003e","description_kind":"markdown","optional":true,"computed":true},"description":{"type":"string","description":"Condition description","description_kind":"markdown","optional":true,"computed":true},"dictionary_name":{"type":"string","description":"Dictionary name","description_kind":"markdown","optional":true,"computed":true},"dictionary_value":{"type":"string","description":"Dictionary value","description_kind":"markdown","optional":true,"computed":true},"id":{"type":"string","description_kind":"plain","optional":true,"computed":true},"is_negate":{"type":"string","description":"Indicates whereas this condition is in negate mode","description_kind":"markdown","optional":true,"computed":true},"link":{"type":["list",["object",{"href":"string","rel":"string","type":"string"}]],"description_kind":"plain","computed":true},"name":{"type":"string","description":"Condition name","description_kind":"markdown","optional":true,"computed":true},"operator":{"type":"string","description":"Equality operator","description_kind":"markdown","optional":true,"computed":true},"week_days":{"type":["list","string"],"description":"\u003cp\u003eDefines for which days this condition will be matched\u003cbr\u003e Days format - Arrays of WeekDay enums \u003cbr\u003e Default - List of All week days\u003c/p\u003e","description_kind":"markdown","optional":true,"computed":true},"week_days_exception":{"type":["list","string"],"description":"\u003cp\u003eDefines for which days this condition will NOT be matched\u003cbr\u003e Days format - Arrays of WeekDay enums \u003cbr\u003e Default - Not enabled\u003c/p\u003e","description_kind":"markdown","optional":true,"computed":true}},"block_types":{"children":{"nesting_mode":"list","block":{"attributes":{"condition_type":{"type":"string","description":"\u003cul\u003e\u003cli\u003eInidicates whether the record is the condition itself(data) or a logical(or,and) aggregation\u003c/li\u003e \u003cli\u003eData type enum(reference,single) indicates than \"conditonId\" OR \"ConditionAttrs\" fields should contain condition data but not both\u003c/li\u003e \u003cli\u003eLogical aggreation(and,or) enum indicates that additional conditions are present under the children field\u003c/li\u003e\u003c/ul\u003e","description_kind":"markdown","optional":true,"computed":true},"is_negate":{"type":"string","description":"Indicates whereas this condition is in negate mode","description_kind":"markdown","optional":true,"computed":true},"link":{"type":["list",["object",{"href":"string","rel":"string","type":"string"}]],"description_kind":"plain","computed":true}},"description":"In case type is andBlock or orBlock addtional conditions will be aggregated under this logical (OR/AND) condition","description_kind":"markdown"}},"dates_range":{"nesting_mode":"list","block":{"attributes":{"end_date":{"type":"string","description_kind":"plain","optional":true,"computed":true},"start_date":{"type":"string","description_kind":"plain","optional":true,"computed":true}},"description":"\u003cp\u003eDefines for which date/s TimeAndDate condition will be matched or NOT matched if used in exceptionDates prooperty\u003cbr\u003e Options are - Date range, for specific date, the same date should be used for start/end date \u003cbr\u003e Default - no specific dates\u003cbr\u003e In order to reset the dates to have no specific dates Date format - yyyy-mm-dd (MM = month, dd = day, yyyy = year)\u003c/p\u003e","description_kind":"markdown"}},"dates_range_exception":{"nesting_mode":"list","block":{"attributes":{"end_date":{"type":"string","description_kind":"plain","optional":true,"computed":true},"start_date":{"type":"string","description_kind":"plain","optional":true,"computed":true}},"description":"\u003cp\u003eDefines for which date/s TimeAndDate condition will be matched or NOT matched if used in exceptionDates prooperty\u003cbr\u003e Options are - Date range, for specific date, the same date should be used for start/end date \u003cbr\u003e Default - no specific dates\u003cbr\u003e In order to reset the dates to have no specific dates Date format - yyyy-mm-dd (MM = month, dd = day, yyyy = year)\u003c/p\u003e","description_kind":"markdown"}},"hours_range":{"nesting_mode":"list","block":{"attributes":{"end_time":{"type":"string","description_kind":"plain","optional":true,"computed":true},"start_time":{"type":"string","description_kind":"plain","optional":true,"computed":true}},"description":"\u003cp\u003eDefines for which hours a TimeAndDate condition will be matched or not matched if used in exceptionHours property\u003cbr\u003e Time foramt - hh:mm  ( h = hour , mm = minutes ) \u003cbr\u003e Default - All Day \u003c/p\u003e","description_kind":"markdown"}},"hours_range_exception":{"nesting_mode":"list","block":{"attributes":{"end_time":{"type":"string","description_kind":"plain","optional":true,"computed":true},"start_time":{"type":"string","description_kind":"plain","optional":true,"computed":true}},"description":"\u003cp\u003eDefines for which hours a TimeAndDate condition will be matched or not matched if used in exceptionHours property\u003cbr\u003e Time foramt - hh:mm  ( h = hour , mm = minutes ) \u003cbr\u003e Default - All Day \u003c/p\u003e","description_kind":"markdown"}}},"description_kind":"plain"}}},"description_kind":"plain"}}},"description":"It manages create, read, update and delete operations on Device Administration - Policy Set.\n\n- Device Admin Create a new policy set.\n\n- Device Admin Update a policy set.\n\n- Device Admin Delete a policy set.\n","description_kind":"markdown"}},"ciscoise_device_administration_time_date_conditions":{"version":0,"block":{"attributes":{"id":{"type":"string","description_kind":"plain","optional":true,"computed":true},"last_updated":{"type":"string","description_kind":"plain","computed":true}},"block_types":{"item":{"nesting_mode":"list","block":{"attributes":{"attribute_id":{"type":"string","description":"Dictionary attribute id (Optional), used for additional verification","description_kind":"markdown","optional":true,"computed":true},"attribute_name":{"type":"string","description":"Dictionary attribute name","description_kind":"markdown","optional":true,"computed":true},"attribute_value":{"type":"string","description":"\u003cul\u003e\u003cli\u003eAttribute value for condition\u003c/li\u003e \u003cli\u003eValue type is specified in dictionary object\u003c/li\u003e \u003cli\u003eif multiple values allowed is specified in dictionary object\u003c/li\u003e\u003c/ul\u003e","description_kind":"markdown","optional":true,"computed":true},"condition_type":{"type":"string","description":"\u003cul\u003e\u003cli\u003eInidicates whether the record is the condition itself(data) or a logical(or,and) aggregation\u003c/li\u003e \u003cli\u003eData type enum(reference,single) indicates than \"conditonId\" OR \"ConditionAttrs\" fields should contain condition data but not both\u003c/li\u003e \u003cli\u003eLogical aggreation(and,or) enum indicates that additional conditions are present under the children field\u003c/li\u003e\u003c/ul\u003e","description_kind":"markdown","optional":true,"computed":true},"description":{"type":"string","description":"Condition description","description_kind":"markdown","optional":true,"computed":true},"dictionary_name":{"type":"string","description":"Dictionary name","description_kind":"markdown","optional":true,"computed":true},"dictionary_value":{"type":"string","description":"Dictionary value","description_kind":"markdown","optional":true,"computed":true},"id":{"type":"string","description_kind":"plain","optional":true,"computed":true},"is_negate":{"type":"string","description":"Indicates whereas this condition is in negate mode","description_kind":"markdown","optional":true,"computed":true},"link":{"type":["list",["object",{"href":"string","rel":"string","type":"string"}]],"description_kind":"plain","computed":true},"name":{"type":"string","description":"Condition name","description_kind":"markdown","optional":true,"computed":true},"operator":{"type":"string","description":"Equality operator","description_kind":"markdown","optional":true,"computed":true},"week_days":{"type":["list","string"],"description":"\u003cp\u003eDefines for which days this condition will be matched\u003cbr\u003e Days format - Arrays of WeekDay enums \u003cbr\u003e Default - List of All week days\u003c/p\u003e","description_kind":"markdown","optional":true,"computed":true},"week_days_exception":{"type":["list","string"],"description":"\u003cp\u003eDefines for which days this condition will NOT be matched\u003cbr\u003e Days format - Arrays of WeekDay enums \u003cbr\u003e Default - Not enabled\u003c/p\u003e","description_kind":"markdown","optional":true,"computed":true}},"block_types":{"children":{"nesting_mode":"list","block":{"attributes":{"condition_type":{"type":"string","description":"\u003cul\u003e\u003cli\u003eInidicates whether the record is the condition itself(data) or a logical(or,and) aggregation\u003c/li\u003e \u003cli\u003eData type enum(reference,single) indicates than \"conditonId\" OR \"ConditionAttrs\" fields should contain condition data but not both\u003c/li\u003e \u003cli\u003eLogical aggreation(and,or) enum indicates that additional conditions are present under the children field\u003c/li\u003e\u003c/ul\u003e","description_kind":"markdown","optional":true,"computed":true},"is_negate":{"type":"string","description":"Indicates whereas this condition is in negate mode","description_kind":"markdown","optional":true,"computed":true},"link":{"type":["list",["object",{"href":"string","rel":"string","type":"string"}]],"description_kind":"plain","computed":true}},"description":"In case type is andBlock or orBlock addtional conditions will be aggregated under this logical (OR/AND) condition","description_kind":"markdown"}},"dates_range":{"nesting_mode":"list","block":{"attributes":{"end_date":{"type":"string","description_kind":"plain","optional":true,"computed":true},"start_date":{"type":"string","description_kind":"plain","optional":true,"computed":true}},"description":"\u003cp\u003eDefines for which date/s TimeAndDate condition will be matched or NOT matched if used in exceptionDates prooperty\u003cbr\u003e Options are - Date range, for specific date, the same date should be used for start/end date \u003cbr\u003e Default - no specific dates\u003cbr\u003e In order to reset the dates to have no specific dates Date format - yyyy-mm-dd (MM = month, dd = day, yyyy = year)\u003c/p\u003e","description_kind":"markdown"}},"dates_range_exception":{"nesting_mode":"list","block":{"attributes":{"end_date":{"type":"string","description_kind":"plain","optional":true,"computed":true},"start_date":{"type":"string","description_kind":"plain","optional":true,"computed":true}},"description":"\u003cp\u003eDefines for which date/s TimeAndDate condition will be matched or NOT matched if used in exceptionDates prooperty\u003cbr\u003e Options are - Date range, for specific date, the same date should be used for start/end date \u003cbr\u003e Default - no specific dates\u003cbr\u003e In order to reset the dates to have no specific dates Date format - yyyy-mm-dd (MM = month, dd = day, yyyy = year)\u003c/p\u003e","description_kind":"markdown"}},"hours_range":{"nesting_mode":"list","block":{"attributes":{"end_time":{"type":"string","description_kind":"plain","optional":true,"computed":true},"start_time":{"type":"string","description_kind":"plain","optional":true,"computed":true}},"description":"\u003cp\u003eDefines for which hours a TimeAndDate condition will be matched or not matched if used in exceptionHours property\u003cbr\u003e Time foramt - hh:mm  ( h = hour , mm = minutes ) \u003cbr\u003e Default - All Day \u003c/p\u003e","description_kind":"markdown"}},"hours_range_exception":{"nesting_mode":"list","block":{"attributes":{"end_time":{"type":"string","description_kind":"plain","optional":true,"computed":true},"start_time":{"type":"string","description_kind":"plain","optional":true,"computed":true}},"description":"\u003cp\u003eDefines for which hours a TimeAndDate condition will be matched or not matched if used in exceptionHours property\u003cbr\u003e Time foramt - hh:mm  ( h = hour , mm = minutes ) \u003cbr\u003e Default - All Day \u003c/p\u003e","description_kind":"markdown"}}},"description_kind":"plain"}}},"description":"It manages create, read, update and delete operations on Device Administration - Time/Date Conditions.\n\n- Device Admin Creates time/date condition.\n\n- Device Admin Update network condition.\n\n- Device Admin Delete Time/Date condition.\n","description_kind":"markdown"}},"ciscoise_downloadable_acl":{"version":0,"block":{"attributes":{"id":{"type":"string","description_kind":"plain","optional":true,"computed":true},"last_updated":{"type":"string","description_kind":"plain","computed":true}},"block_types":{"item":{"nesting_mode":"list","block":{"attributes":{"dacl":{"type":"string","description":"The DACL Content. Use the string \\\\n for a newline","description_kind":"markdown","optional":true,"computed":true},"dacl_type":{"type":"string","description":"Allowed values:\n- IPV4,\n- IPV6,\n- IP_AGNOSTIC","description_kind":"markdown","optional":true,"computed":true},"description":{"type":"string","description":"Use the string \\\\n for a newline","description_kind":"markdown","optional":true,"computed":true},"id":{"type":"string","description_kind":"plain","optional":true,"computed":true},"link":{"type":["list",["object",{"href":"string","rel":"string","type":"string"}]],"description_kind":"plain","computed":true},"name":{"type":"string","description":"Resource Name. Name may contain alphanumeric or any of the following characters [_.-]","description_kind":"markdown","optional":true,"computed":true}},"description_kind":"plain"}}},"description":"It manages create, read, update and delete operations on DownloadableACL.\n\n- This resource allows the client to update a downloadable ACL.\n\n- This resource deletes a downloadable ACL.\n\n- This resource creates a downloadable ACL.\n","description_kind":"markdown"}},"ciscoise_egress_matrix_cell":{"version":0,"block":{"attributes":{"id":{"type":"string","description_kind":"plain","optional":true,"computed":true},"last_updated":{"type":"string","description_kind":"plain","computed":true}},"block_types":{"item":{"nesting_mode":"list","block":{"attributes":{"default_rule":{"type":"string","description":"Allowed values:\n- NONE,\n- DENY_IP,\n- PERMIT_IP","description_kind":"markdown","optional":true,"computed":true},"description":{"type":"string","description_kind":"plain","optional":true,"computed":true},"destination_sgt_id":{"type":"string","description_kind":"plain","optional":true,"computed":true},"id":{"type":"string","description_kind":"plain","optional":true,"computed":true},"link":{"type":["list",["object",{"href":"string","rel":"string","type":"string"}]],"description_kind":"plain","computed":true},"matrix_cell_status":{"type":"string","description":"Allowed values:\n- DISABLED,\n- ENABLED,\n- MONITOR","description_kind":"markdown","optional":true,"computed":true},"name":{"type":"string","description_kind":"plain","optional":true,"computed":true},"sgacls":{"type":["list","string"],"description_kind":"plain","optional":true,"computed":true},"source_sgt_id":{"type":"string","description_kind":"plain","optional":true,"computed":true}},"description_kind":"plain"}}},"description":"It manages create, read, update and delete operations on EgressMatrixCell.\n\n- This resource allows the client to update an egress matrix cell.\n\n- This resource deletes an egress matrix cell.\n\n- This resource creates an egress matrix cell.\n","description_kind":"markdown"}},"ciscoise_endpoint":{"version":0,"block":{"attributes":{"id":{"type":"string","description_kind":"plain","optional":true,"computed":true},"last_updated":{"type":"string","description_kind":"plain","computed":true}},"block_types":{"item":{"nesting_mode":"list","block":{"attributes":{"description":{"type":"string","description_kind":"plain","optional":true,"computed":true},"group_id":{"type":"string","description_kind":"plain","optional":true,"computed":true},"id":{"type":"string","description_kind":"plain","optional":true,"computed":true},"identity_store":{"type":"string","description_kind":"plain","optional":true,"computed":true},"identity_store_id":{"type":"string","description_kind":"plain","optional":true,"computed":true},"link":{"type":["list",["object",{"href":"string","rel":"string","type":"string"}]],"description_kind":"plain","computed":true},"mac":{"type":"string","description_kind":"plain","optional":true,"computed":true},"name":{"type":"string","description_kind":"plain","optional":true,"computed":true},"portal_user":{"type":"string","description_kind":"plain","optional":true,"computed":true},"profile_id":{"type":"string","description_kind":"plain","optional":true,"computed":true},"static_group_assignment":{"type":"string","description_kind":"plain","optional":true,"computed":true},"static_profile_assignment":{"type":"string","description_kind":"plain","optional":true,"computed":true}},"block_types":{"custom_attributes":{"nesting_mode":"list","block":{"attributes":{"custom_attributes":{"type":["map","string"],"description_kind":"plain","optional":true,"computed":true}},"description_kind":"plain"}},"mdm_attributes":{"nesting_mode":"list","block":{"attributes":{"mdm_compliance_status":{"type":"string","description_kind":"plain","optional":true,"computed":true},"mdm_encrypted":{"type":"string","description_kind":"plain","optional":true,"computed":true},"mdm_enrolled":{"type":"string","description_kind":"plain","optional":true,"computed":true},"mdm_ime_i":{"type":"string","description_kind":"plain","optional":true,"computed":true},"mdm_jail_broken":{"type":"string","description_kind":"plain","optional":true,"computed":true},"mdm_manufacturer":{"type":"string","description_kind":"plain","optional":true,"computed":true},"mdm_model":{"type":"string","description_kind":"plain","optional":true,"computed":true},"mdm_os":{"type":"string","description_kind":"plain","optional":true,"computed":true},"mdm_phone_number":{"type":"string","description_kind":"plain","optional":true,"computed":true},"mdm_pinlock":{"type":"string","description_kind":"plain","optional":true,"computed":true},"mdm_reachable":{"type":"string","description_kind":"plain","optional":true,"computed":true},"mdm_serial":{"type":"string","description_kind":"plain","optional":true,"computed":true},"mdm_server_name":{"type":"string","description_kind":"plain","optional":true,"computed":true}},"description_kind":"plain"}}},"description_kind":"plain"}}},"description":"It manages create, read, update and delete operations on endpoint.\n\n- This resource allows the client to update an endpoint.\n\n- This resource deletes an endpoint.\n\n- This resource creates an endpoint.\n","description_kind":"markdown"}},"ciscoise_endpoint_group":{"version":0,"block":{"attributes":{"id":{"type":"string","description_kind":"plain","optional":true,"computed":true},"last_updated":{"type":"string","description_kind":"plain","computed":true}},"block_types":{"item":{"nesting_mode":"list","block":{"attributes":{"description":{"type":"string","description_kind":"plain","optional":true,"computed":true},"id":{"type":"string","description_kind":"plain","optional":true,"computed":true},"link":{"type":["list",["object",{"href":"string","rel":"string","type":"string"}]],"description_kind":"plain","computed":true},"name":{"type":"string","description_kind":"plain","optional":true,"computed":true},"system_defined":{"type":"string","description_kind":"plain","optional":true,"computed":true}},"description_kind":"plain"}}},"description":"It manages create, read, update and delete operations on EndpointIdentityGroup.\n\n- This resource allows the client to update an endpoint identity group.\n\n- This resource deletes an endpoint identity group.\n\n- This resource creates an endpoint identity group.\n","description_kind":"markdown"}},"ciscoise_external_radius_server":{"version":0,"block":{"attributes":{"id":{"type":"string","description_kind":"plain","optional":true,"computed":true},"last_updated":{"type":"string","description_kind":"plain","computed":true}},"block_types":{"item":{"nesting_mode":"list","block":{"attributes":{"accounting_port":{"type":"number","description":"Valid Range 1 to 65535","description_kind":"markdown","optional":true,"computed":true},"authentication_port":{"type":"number","description":"Valid Range 1 to 65535","description_kind":"markdown","optional":true,"computed":true},"authenticator_key":{"type":"string","description":"The authenticatorKey is required only if enableKeyWrap is true, otherwise it must be ignored or empty.\nThe maximum length is 20 ASCII characters or 40 HEXADECIMAL characters (depend on selection in field 'keyInputFormat')","description_kind":"markdown","optional":true,"computed":true},"description":{"type":"string","description_kind":"plain","optional":true,"computed":true},"enable_key_wrap":{"type":"string","description":"KeyWrap may only be enabled if it is supported on the device.\nWhen running in FIPS mode this option should be enabled for such devices","description_kind":"markdown","optional":true,"computed":true},"encryption_key":{"type":"string","description":"The encryptionKey is required only if enableKeyWrap is true, otherwise it must be ignored or empty.\nThe maximum length is 16 ASCII characters or 32 HEXADECIMAL characters (depend on selection in field 'keyInputFormat')","description_kind":"markdown","optional":true,"computed":true},"host_ip":{"type":"string","description":"The IP of the host - must be a valid IPV4 address","description_kind":"markdown","optional":true,"computed":true},"id":{"type":"string","description_kind":"plain","optional":true,"computed":true},"key_input_format":{"type":"string","description":"Specifies the format of the input for fields 'encryptionKey' and 'authenticatorKey'.\nAllowed Values:\n- ASCII\n- HEXADECIMAL","description_kind":"markdown","optional":true,"computed":true},"link":{"type":["list",["object",{"href":"string","rel":"string","type":"string"}]],"description_kind":"plain","computed":true},"name":{"type":"string","description":"Resource Name. Allowed charactera are alphanumeric and _ (underscore).","description_kind":"markdown","optional":true,"computed":true},"proxy_timeout":{"type":"number","description":"Valid Range 1 to 600","description_kind":"markdown","optional":true,"computed":true},"retries":{"type":"number","description":"Valid Range 1 to 9","description_kind":"markdown","optional":true,"computed":true},"shared_secret":{"type":"string","description":"Shared secret maximum length is 128 characters","description_kind":"markdown","optional":true,"computed":true},"timeout":{"type":"number","description":"Valid Range 1 to 120","description_kind":"markdown","optional":true,"computed":true}},"description_kind":"plain"}}},"description":"It manages create, read, update and delete operations on ExternalRADIUSServer.\n\n- This resource allows the client to update an external RADIUS server.\n\n- This resource deletes an external RADIUS server.\n\n- This resource creates an external RADIUS server.\n","description_kind":"markdown"}},"ciscoise_filter_policy":{"version":0,"block":{"attributes":{"id":{"type":"string","description_kind":"plain","optional":true,"computed":true},"last_updated":{"type":"string","description_kind":"plain","computed":true}},"block_types":{"item":{"nesting_mode":"list","block":{"attributes":{"domains":{"type":"string","description":"List of SXP Domains, separated with comma","description_kind":"markdown","optional":true,"computed":true},"id":{"type":"string","description":"id path parameter.","description_kind":"markdown","optional":true},"sgt":{"type":"string","description":"SGT name or ID. At least one of subnet or sgt or vn should be defined","description_kind":"markdown","optional":true,"computed":true},"subnet":{"type":"string","description":"Subnet for filter policy (hostname is not supported).\nAt least one of subnet or sgt or vn should be defined","description_kind":"markdown","optional":true,"computed":true},"vn":{"type":"string","description":"Virtual Network.\nAt least one of subnet or sgt or vn should be defined","description_kind":"markdown","optional":true,"computed":true}},"description_kind":"plain"}}},"description":"It manages create, read, update and delete operations on FilterPolicy.\n\n- This resource allows the client to update a filter policy.\n\n- This resource deletes a filter policy.\n\n- This resource creates a filter policy.\n","description_kind":"markdown"}},"ciscoise_guest_smtp_notification_settings":{"version":0,"block":{"attributes":{"id":{"type":"string","description_kind":"plain","optional":true,"computed":true},"last_updated":{"type":"string","description_kind":"plain","computed":true}},"block_types":{"item":{"nesting_mode":"list","block":{"attributes":{"connection_timeout":{"type":"string","description":"Interval in seconds for all the SMTP client connections","description_kind":"markdown","optional":true,"computed":true},"default_from_address":{"type":"string","description":"The default from email address to be used to send emails from","description_kind":"markdown","optional":true,"computed":true},"id":{"type":"string","description_kind":"plain","optional":true,"computed":true},"link":{"type":["list",["object",{"href":"string","rel":"string","type":"string"}]],"description_kind":"plain","computed":true},"notification_enabled":{"type":"string","description":"Indicates if the email notification service is to be enabled","description_kind":"markdown","optional":true,"computed":true},"password":{"type":"string","description":"Password of Secure SMTP server","description_kind":"markdown","optional":true,"computed":true,"sensitive":true},"smtp_port":{"type":"string","description":"Port at which SMTP Secure Server is listening","description_kind":"markdown","optional":true,"computed":true},"smtp_server":{"type":"string","description":"The SMTP server ip address or fqdn such as outbound.mycompany.com","description_kind":"markdown","optional":true,"computed":true},"use_default_from_address":{"type":"string","description":"If the default from address should be used rather than using a sponsor user email address","description_kind":"markdown","optional":true,"computed":true},"use_password_authentication":{"type":"string","description":"If configured to true, SMTP server authentication will happen using username/password","description_kind":"markdown","optional":true,"computed":true},"use_tlsor_ssl_encryption":{"type":"string","description":"If configured to true, SMTP server authentication will happen using TLS/SSL","description_kind":"markdown","optional":true,"computed":true},"user_name":{"type":"string","description":"Username of Secure SMTP server","description_kind":"markdown","optional":true,"computed":true}},"description_kind":"plain"}}},"description":"It manages create, read and update operations on GuestSMTPNotificationConfiguration.\n\n- This resource allows the client to update a SMTP configuration setting.\n\n- This resource creates a guest SMTP notification configuration.\n","description_kind":"markdown"}},"ciscoise_guest_ssid":{"version":0,"block":{"attributes":{"id":{"type":"string","description_kind":"plain","optional":true,"computed":true},"last_updated":{"type":"string","description_kind":"plain","computed":true}},"block_types":{"item":{"nesting_mode":"list","block":{"attributes":{"id":{"type":"string","description_kind":"plain","optional":true,"computed":true},"link":{"type":["list",["object",{"href":"string","rel":"string","type":"string"}]],"description_kind":"plain","computed":true},"name":{"type":"string","description":"Resource Name. Name may contain alphanumeric or any of the following characters [_.-]","description_kind":"markdown","optional":true,"computed":true}},"description_kind":"plain"}}},"description":"It manages create, read, update and delete operations on GuestSSID.\n\n- This resource allows the client to update a guest SSID by ID.\n\n- This resource deletes a guest SSID by ID.\n\n- This resource creates a guest SSID.\n","description_kind":"markdown"}},"ciscoise_guest_type":{"version":0,"block":{"attributes":{"id":{"type":"string","description_kind":"plain","optional":true,"computed":true},"last_updated":{"type":"string","description_kind":"plain","computed":true}},"block_types":{"item":{"nesting_mode":"list","block":{"attributes":{"description":{"type":"string","description_kind":"plain","optional":true,"computed":true},"id":{"type":"string","description_kind":"plain","optional":true,"computed":true},"is_default_type":{"type":"string","description_kind":"plain","optional":true,"computed":true},"link":{"type":["list",["object",{"href":"string","rel":"string","type":"string"}]],"description_kind":"plain","computed":true},"name":{"type":"string","description_kind":"plain","optional":true,"computed":true},"sponsor_groups":{"type":["list","string"],"description_kind":"plain","optional":true,"computed":true}},"block_types":{"access_time":{"nesting_mode":"list","block":{"attributes":{"allow_access_on_specific_days_times":{"type":"string","description_kind":"plain","optional":true,"computed":true},"default_duration":{"type":"number","description_kind":"plain","optional":true,"computed":true},"duration_time_unit":{"type":"string","description":"Allowed values are:\n- DAYS,\n- HOURS,\n- MINUTES","description_kind":"markdown","optional":true,"computed":true},"from_first_login":{"type":"string","description":"When Account Duration starts from first login or specified date","description_kind":"markdown","optional":true,"computed":true},"max_account_duration":{"type":"number","description":"Maximum value of Account Duration","description_kind":"markdown","optional":true,"computed":true}},"block_types":{"day_time_limits":{"nesting_mode":"list","block":{"attributes":{"days":{"type":["list","string"],"description":"List of Days\nValues should be one of Week day.\nAllowed values are:\n- Sunday,\n- Monday,\n- Tuesday,\n- Wednesday,\n- Thursday,\n- Friday,\n- Saturday","description_kind":"markdown","optional":true,"computed":true},"end_time":{"type":"string","description":"End time in HH:mm format","description_kind":"markdown","optional":true,"computed":true},"start_time":{"type":"string","description":"Start time in HH:mm format","description_kind":"markdown","optional":true,"computed":true}},"description":"List of Time Ranges for account access","description_kind":"markdown"}}},"description_kind":"plain"}},"expiration_notification":{"nesting_mode":"list","block":{"attributes":{"advance_notification_duration":{"type":"number","description":"Send Account Expiration Notification Duration before ( Days, Hours, Minutes )","description_kind":"markdown","optional":true,"computed":true},"advance_notification_units":{"type":"string","description":"Allowed values are:\n- DAYS,\n- HOURS,\n- MINUTES","description_kind":"markdown","optional":true,"computed":true},"email_text":{"type":"string","description_kind":"plain","optional":true,"computed":true},"enable_notification":{"type":"string","description":"Enable Notification settings","description_kind":"markdown","optional":true,"computed":true},"send_email_notification":{"type":"string","description":"Enable Email Notification","description_kind":"markdown","optional":true,"computed":true},"send_sms_notification":{"type":"string","description":"Maximum devices guests can register","description_kind":"markdown","optional":true,"computed":true},"sms_text":{"type":"string","description_kind":"plain","optional":true,"computed":true}},"description":"Expiration Notification Settings","description_kind":"markdown"}},"login_options":{"nesting_mode":"list","block":{"attributes":{"allow_guest_portal_bypass":{"type":"string","description_kind":"plain","optional":true,"computed":true},"failure_action":{"type":"string","description":"When Guest Exceeds limit this action will be invoked.\nAllowed values are:\n- Disconnect_Oldest_Connection,\n- Disconnect_Newest_Connection","description_kind":"markdown","optional":true,"computed":true},"identity_group_id":{"type":"string","description_kind":"plain","optional":true,"computed":true},"limit_simultaneous_logins":{"type":"string","description":"Enable Simultaneous Logins","description_kind":"markdown","optional":true,"computed":true},"max_registered_devices":{"type":"number","description":"Maximum devices guests can register","description_kind":"markdown","optional":true,"computed":true},"max_simultaneous_logins":{"type":"number","description":"Number of Simultaneous Logins","description_kind":"markdown","optional":true,"computed":true}},"description_kind":"plain"}}},"description_kind":"plain"}}},"description":"It manages create, read, update and delete operations on GuestType.\n\n- This resource allows the client to update a guest type.\n\n- This resource deletes a guest type.\n\n- This resource creates a guest type.\n","description_kind":"markdown"}},"ciscoise_guest_user":{"version":0,"block":{"attributes":{"id":{"type":"string","description_kind":"plain","optional":true,"computed":true},"last_updated":{"type":"string","description_kind":"plain","computed":true}},"block_types":{"item":{"nesting_mode":"list","block":{"attributes":{"custom_fields":{"type":["map","string"],"description":"Key value map","description_kind":"markdown","optional":true,"computed":true},"description":{"type":"string","description_kind":"plain","optional":true,"computed":true},"guest_type":{"type":"string","description_kind":"plain","optional":true,"computed":true},"id":{"type":"string","description_kind":"plain","optional":true,"computed":true},"link":{"type":["list",["object",{"href":"string","rel":"string","type":"string"}]],"description_kind":"plain","computed":true},"name":{"type":"string","description_kind":"plain","optional":true,"computed":true},"portal_id":{"type":"string","description_kind":"plain","optional":true,"computed":true},"reason_for_visit":{"type":"string","description_kind":"plain","optional":true,"computed":true},"sponsor_user_id":{"type":"string","description_kind":"plain","optional":true,"computed":true},"sponsor_user_name":{"type":"string","description_kind":"plain","optional":true,"computed":true},"status":{"type":"string","description_kind":"plain","optional":true,"computed":true},"status_reason":{"type":"string","description_kind":"plain","optional":true,"computed":true}},"block_types":{"guest_access_info":{"nesting_mode":"list","block":{"attributes":{"from_date":{"type":"string","description_kind":"plain","optional":true,"computed":true},"group_tag":{"type":"string","description_kind":"plain","optional":true,"computed":true},"location":{"type":"string","description_kind":"plain","optional":true,"computed":true},"ssid":{"type":"string","description_kind":"plain","optional":true,"computed":true},"to_date":{"type":"string","description_kind":"plain","optional":true,"computed":true},"valid_days":{"type":"number","description_kind":"plain","optional":true,"computed":true}},"description_kind":"plain"}},"guest_info":{"nesting_mode":"list","block":{"attributes":{"company":{"type":"string","description_kind":"plain","optional":true,"computed":true},"creation_time":{"type":"string","description_kind":"plain","optional":true,"computed":true},"email_address":{"type":"string","description_kind":"plain","optional":true,"computed":true},"enabled":{"type":"string","description":"This field is only for Get operation not applicable for Create, Update operations","description_kind":"markdown","optional":true,"computed":true},"first_name":{"type":"string","description_kind":"plain","optional":true,"computed":true},"last_name":{"type":"string","description_kind":"plain","optional":true,"computed":true},"notification_language":{"type":"string","description_kind":"plain","optional":true,"computed":true},"password":{"type":"string","description_kind":"plain","optional":true,"computed":true,"sensitive":true},"phone_number":{"type":"string","description":"Phone number should be E.164 format","description_kind":"markdown","optional":true,"computed":true},"sms_service_provider":{"type":"string","description_kind":"plain","optional":true,"computed":true},"user_name":{"type":"string","description":"If account needs be created with mobile number, please provide mobile number here","description_kind":"markdown","optional":true,"computed":true}},"description_kind":"plain"}}},"description_kind":"plain"}}},"description":"It manages create, read, update and delete operations on GuestUser.\n\n- This resource allows the client to update a guest user by name.\n\n- This resource deletes a guest user.\n\n- This resource allows the client to update a guest user by ID.\n\n- This resource deletes a guest user by ID.\n\n- This resource creates a guest user.\n","description_kind":"markdown"}},"ciscoise_hotspot_portal":{"version":0,"block":{"attributes":{"id":{"type":"string","description_kind":"plain","optional":true,"computed":true},"last_updated":{"type":"string","description_kind":"plain","computed":true}},"block_types":{"item":{"nesting_mode":"list","block":{"attributes":{"description":{"type":"string","description_kind":"plain","optional":true,"computed":true},"id":{"type":"string","description_kind":"plain","optional":true,"computed":true},"link":{"type":["list",["object",{"href":"string","rel":"string","type":"string"}]],"description_kind":"plain","computed":true},"name":{"type":"string","description_kind":"plain","optional":true,"computed":true},"portal_test_url":{"type":"string","description":"URL to bring up a test page for this portal","description_kind":"markdown","optional":true,"computed":true},"portal_type":{"type":"string","description":"Allowed values:\n- BYOD,\n- HOTSPOTGUEST,\n- MYDEVICE,\n- SELFREGGUEST,\n- SPONSOR,\n- SPONSOREDGUEST","description_kind":"markdown","optional":true,"computed":true}},"block_types":{"customizations":{"nesting_mode":"list","block":{"block_types":{"global_customizations":{"nesting_mode":"list","block":{"attributes":{"banner_title":{"type":"string","description_kind":"plain","optional":true,"computed":true},"contact_text":{"type":"string","description_kind":"plain","optional":true,"computed":true},"footer_element":{"type":"string","description_kind":"plain","optional":true,"computed":true}},"block_types":{"background_image":{"nesting_mode":"list","block":{"attributes":{"data":{"type":"string","description":"Represented as base 64 encoded string of the image byte array","description_kind":"markdown","optional":true,"computed":true}},"description_kind":"plain"}},"banner_image":{"nesting_mode":"list","block":{"attributes":{"data":{"type":"string","description":"Represented as base 64 encoded string of the image byte array","description_kind":"markdown","optional":true,"computed":true}},"description_kind":"plain"}},"desktop_logo_image":{"nesting_mode":"list","block":{"attributes":{"data":{"type":"string","description":"Represented as base 64 encoded string of the image byte array","description_kind":"markdown","optional":true,"computed":true}},"description_kind":"plain"}},"mobile_logo_image":{"nesting_mode":"list","block":{"attributes":{"data":{"type":"string","description":"Represented as base 64 encoded string of the image byte array","description_kind":"markdown","optional":true,"computed":true}},"description_kind":"plain"}}},"description_kind":"plain"}},"language":{"nesting_mode":"list","block":{"attributes":{"view_language":{"type":"string","description_kind":"plain","optional":true,"computed":true}},"description":"This property is supported only for Read operation and it allows to show the customizations in English.\nOther languages are not supported","description_kind":"markdown"}},"page_customizations":{"nesting_mode":"list","block":{"block_types":{"data":{"nesting_mode":"list","block":{"attributes":{"key":{"type":"string","description_kind":"plain","optional":true,"computed":true},"value":{"type":"string","description_kind":"plain","optional":true,"computed":true}},"description_kind":"plain"}}},"description_kind":"plain"}},"portal_theme":{"nesting_mode":"list","block":{"attributes":{"id":{"type":"string","description":"The unique internal identifier of the portal theme","description_kind":"markdown","optional":true,"computed":true},"name":{"type":"string","description":"The system- or user-assigned name of the portal theme","description_kind":"markdown","optional":true,"computed":true},"theme_data":{"type":"string","description":"A CSS file, represented as a Base64-encoded byte array","description_kind":"markdown","optional":true,"computed":true}},"description":"Defines the configuration for portal theme","description_kind":"markdown"}},"portal_tweak_settings":{"nesting_mode":"list","block":{"attributes":{"banner_color":{"type":"string","description":"Hex value of color","description_kind":"markdown","optional":true,"computed":true},"banner_text_color":{"type":"string","description_kind":"plain","optional":true,"computed":true},"page_background_color":{"type":"string","description_kind":"plain","optional":true,"computed":true},"page_label_and_text_color":{"type":"string","description_kind":"plain","optional":true,"computed":true}},"description":"The Tweak Settings are a customization of the Portal Theme that has been selected for the portal.\nWhen the Portal Theme selection is changed, the Tweak Settings are overwritten to match the values in the theme.\nThe Tweak Settings can subsequently be changed by the user","description_kind":"markdown"}}},"description":"Defines all of the Portal Customizations available","description_kind":"markdown"}},"settings":{"nesting_mode":"list","block":{"block_types":{"aup_settings":{"nesting_mode":"list","block":{"attributes":{"access_code":{"type":"string","description":"Access code that must be entered by the portal user (only valid if requireAccessCode = true)","description_kind":"markdown","optional":true,"computed":true},"include_aup":{"type":"string","description":"Require the portal user to read and accept an AUP","description_kind":"markdown","optional":true,"computed":true},"require_access_code":{"type":"string","description":"Require the portal user to enter an access code.\nOnly used in Hotspot portal","description_kind":"markdown","optional":true,"computed":true},"require_scrolling":{"type":"string","description":"Require the portal user to scroll to the end of the AUP. Only valid if requireAupAcceptance = true","description_kind":"markdown","optional":true,"computed":true}},"description":"Configuration of the Acceptable Use Policy (AUP) for a portal","description_kind":"markdown"}},"auth_success_settings":{"nesting_mode":"list","block":{"attributes":{"redirect_url":{"type":"string","description":"Target URL for redirection, used when successRedirect = URL","description_kind":"markdown","optional":true,"computed":true},"success_redirect":{"type":"string","description":"After an Authentication Success where should device be redirected. Allowed values:\n- AUTHSUCCESSPAGE,\n- ORIGINATINGURL,\n- URL","description_kind":"markdown","optional":true,"computed":true}},"description_kind":"plain"}},"portal_settings":{"nesting_mode":"list","block":{"attributes":{"allowed_interfaces":{"type":["list","string"],"description":"Interfaces that the portal will be reachable on.\nAllowed values:\n- eth0\n- eth1\n- eth2\n- eth3\n- eth4\n- eth5\n- bond0\n- bond1\n- bond2","description_kind":"markdown","optional":true,"computed":true},"always_used_language":{"type":"string","description":"Used when displayLang = ALWAYSUSE","description_kind":"markdown","optional":true,"computed":true},"certificate_group_tag":{"type":"string","description":"Logical name of the x.509 server certificate that will be used for the portal","description_kind":"markdown","optional":true,"computed":true},"coa_type":{"type":"string","description":"Allowed Values:\n- COAREAUTHENTICATE,\n- COATERMINATE","description_kind":"markdown","optional":true,"computed":true},"display_lang":{"type":"string","description":"Allowed values:\n- USEBROWSERLOCALE,\n- ALWAYSUSE","description_kind":"markdown","optional":true,"computed":true},"endpoint_identity_group":{"type":"string","description":"Unique Id of the endpoint identity group where user's devices will be added. Used only in Hotspot Portal","description_kind":"markdown","optional":true,"computed":true},"fallback_language":{"type":"string","description":"Used when displayLang = USEBROWSERLOCALE","description_kind":"markdown","optional":true,"computed":true},"https_port":{"type":"number","description":"The port number that the allowed interfaces will listen on.\nRange from 8000 to 8999","description_kind":"markdown","optional":true,"computed":true}},"description":"The port, interface, certificate, and other basic settings of a portal","description_kind":"markdown"}},"post_access_banner_settings":{"nesting_mode":"list","block":{"attributes":{"include_post_access_banner":{"type":"string","description_kind":"plain","optional":true,"computed":true}},"description_kind":"plain"}},"post_login_banner_settings":{"nesting_mode":"list","block":{"attributes":{"include_post_access_banner":{"type":"string","description":"Include a Post-Login Banner page","description_kind":"markdown","optional":true,"computed":true}},"description_kind":"plain"}},"support_info_settings":{"nesting_mode":"list","block":{"attributes":{"default_empty_field_value":{"type":"string","description":"The default value displayed for an empty field.\nOnly valid when emptyFieldDisplay = DISPLAYWITHDEFAULTVALUE","description_kind":"markdown","optional":true,"computed":true},"empty_field_display":{"type":"string","description":"Specifies how empty fields are handled on the Support Information Page.\nAllowed values:\n- HIDE,\n- DISPLAYWITHNOVALUE,\n- DISPLAYWITHDEFAULTVALUE","description_kind":"markdown","optional":true,"computed":true},"include_browser_user_agent":{"type":"string","description_kind":"plain","optional":true,"computed":true},"include_failure_code":{"type":"string","description_kind":"plain","optional":true,"computed":true},"include_ip_address":{"type":"string","description_kind":"plain","optional":true,"computed":true},"include_mac_addr":{"type":"string","description_kind":"plain","optional":true,"computed":true},"include_policy_server":{"type":"string","description_kind":"plain","optional":true,"computed":true},"include_support_info_page":{"type":"string","description_kind":"plain","optional":true,"computed":true}},"description":"Portal Support Information Settings","description_kind":"markdown"}}},"description":"Defines all of the settings groups available for a BYOD","description_kind":"markdown"}}},"description_kind":"plain"}}},"description":"It manages create, read, update and delete operations on HotspotPortal.\n\n- This resource allows the client to update a hotspot portal by ID.\n\n- This resource deletes a hotspot portal by ID.\n\n- This resource creates a hotspot portal.\n","description_kind":"markdown"}},"ciscoise_id_store_sequence":{"version":0,"block":{"attributes":{"id":{"type":"string","description_kind":"plain","optional":true,"computed":true},"last_updated":{"type":"string","description_kind":"plain","computed":true}},"block_types":{"item":{"nesting_mode":"list","block":{"attributes":{"break_on_store_fail":{"type":"string","description_kind":"plain","optional":true,"computed":true},"certificate_authentication_profile":{"type":"string","description_kind":"plain","optional":true,"computed":true},"description":{"type":"string","description_kind":"plain","optional":true,"computed":true},"id":{"type":"string","description_kind":"plain","optional":true,"computed":true},"link":{"type":["list",["object",{"href":"string","rel":"string","type":"string"}]],"description_kind":"plain","computed":true},"name":{"type":"string","description_kind":"plain","optional":true,"computed":true},"parent":{"type":"string","description_kind":"plain","optional":true,"computed":true}},"block_types":{"id_seq_item":{"nesting_mode":"list","block":{"attributes":{"idstore":{"type":"string","description_kind":"plain","optional":true,"computed":true},"order":{"type":"number","description_kind":"plain","optional":true,"computed":true}},"description_kind":"plain"}}},"description_kind":"plain"}}},"description":"It manages create, read, update and delete operations on IdentitySequence.\n\n- This resource allows the client to update an identity sequence.\nPartial update is not supported\n\n- This resource deletes an identity sequence.\n\n- This resource creates an identity sequence.\n","description_kind":"markdown"}},"ciscoise_identity_group":{"version":0,"block":{"attributes":{"id":{"type":"string","description_kind":"plain","optional":true,"computed":true},"last_updated":{"type":"string","description_kind":"plain","computed":true}},"block_types":{"item":{"nesting_mode":"list","block":{"attributes":{"description":{"type":"string","description_kind":"plain","optional":true,"computed":true},"id":{"type":"string","description_kind":"plain","optional":true,"computed":true},"link":{"type":["list",["object",{"href":"string","rel":"string","type":"string"}]],"description_kind":"plain","computed":true},"name":{"type":"string","description_kind":"plain","optional":true,"computed":true},"parent":{"type":"string","description_kind":"plain","optional":true,"computed":true}},"description_kind":"plain"}}},"description":"It manages create, read and update operations on IdentityGroups.\n\n- This resource allows the client to update an identity group.\n\n- This resource creates an identity group.\n","description_kind":"markdown"}},"ciscoise_internal_user":{"version":0,"block":{"attributes":{"id":{"type":"string","description_kind":"plain","optional":true,"computed":true},"last_updated":{"type":"string","description_kind":"plain","computed":true}},"block_types":{"item":{"nesting_mode":"list","block":{"attributes":{"change_password":{"type":"string","description_kind":"plain","optional":true,"computed":true},"custom_attributes":{"type":["map","string"],"description":"Key value map","description_kind":"markdown","optional":true,"computed":true},"description":{"type":"string","description_kind":"plain","optional":true,"computed":true},"email":{"type":"string","description_kind":"plain","optional":true,"computed":true},"enable_password":{"type":"string","description_kind":"plain","optional":true,"computed":true},"enabled":{"type":"string","description":"Whether the user is enabled/disabled. To use it as filter, the values should be 'Enabled' or 'Disabled'.\nThe values are case sensitive. For example, '[ERSObjectURL]?filter=enabled.EQ.Enabled'","description_kind":"markdown","optional":true,"computed":true},"expiry_date":{"type":"string","description":"To store the internal user's expiry date information. It's format is = 'YYYY-MM-DD'","description_kind":"markdown","optional":true,"computed":true},"expiry_date_enabled":{"type":"string","description_kind":"plain","optional":true,"computed":true},"first_name":{"type":"string","description_kind":"plain","optional":true,"computed":true},"id":{"type":"string","description_kind":"plain","optional":true,"computed":true},"identity_groups":{"type":"string","description":"CSV of identity group IDs","description_kind":"markdown","optional":true,"computed":true},"last_name":{"type":"string","description_kind":"plain","optional":true,"computed":true},"link":{"type":["list",["object",{"href":"string","rel":"string","type":"string"}]],"description_kind":"plain","computed":true},"name":{"type":"string","description_kind":"plain","optional":true,"computed":true},"password":{"type":"string","description_kind":"plain","optional":true,"computed":true,"sensitive":true},"password_idstore":{"type":"string","description":"The id store where the internal user's password is kept","description_kind":"markdown","optional":true,"computed":true,"sensitive":true}},"description_kind":"plain"}}},"description":"It manages create, read, update and delete operations on InternalUser.\n\n- This resource allows the client to update an internal user by name.\n\n- This resource deletes an internal user by name.\n\n- This resource allows the client to update an internal user by ID.\n\n- This resource deletes an internal user by ID.\n\n- This resource creates an internal user.\n","description_kind":"markdown"}},"ciscoise_my_device_portal":{"version":0,"block":{"attributes":{"id":{"type":"string","description_kind":"plain","optional":true,"computed":true},"last_updated":{"type":"string","description_kind":"plain","computed":true}},"block_types":{"item":{"nesting_mode":"list","block":{"attributes":{"description":{"type":"string","description_kind":"plain","optional":true,"computed":true},"id":{"type":"string","description_kind":"plain","optional":true,"computed":true},"link":{"type":["list",["object",{"href":"string","rel":"string","type":"string"}]],"description_kind":"plain","computed":true},"name":{"type":"string","description_kind":"plain","optional":true,"computed":true},"portal_test_url":{"type":"string","description":"URL to bring up a test page for this portal","description_kind":"markdown","optional":true,"computed":true},"portal_type":{"type":"string","description":"Allowed values:\n- BYOD,\n- HOTSPOTGUEST,\n- MYDEVICE,\n- SELFREGGUEST,\n- SPONSOR,\n- SPONSOREDGUEST","description_kind":"markdown","optional":true,"computed":true}},"block_types":{"customizations":{"nesting_mode":"list","block":{"block_types":{"global_customizations":{"nesting_mode":"list","block":{"attributes":{"banner_title":{"type":"string","description_kind":"plain","optional":true,"computed":true},"contact_text":{"type":"string","description_kind":"plain","optional":true,"computed":true},"footer_element":{"type":"string","description_kind":"plain","optional":true,"computed":true}},"block_types":{"background_image":{"nesting_mode":"list","block":{"attributes":{"data":{"type":"string","description":"Represented as base 64 encoded string of the image byte array","description_kind":"markdown","optional":true,"computed":true}},"description_kind":"plain"}},"banner_image":{"nesting_mode":"list","block":{"attributes":{"data":{"type":"string","description":"Represented as base 64 encoded string of the image byte array","description_kind":"markdown","optional":true,"computed":true}},"description_kind":"plain"}},"desktop_logo_image":{"nesting_mode":"list","block":{"attributes":{"data":{"type":"string","description":"Represented as base 64 encoded string of the image byte array","description_kind":"markdown","optional":true,"computed":true}},"description_kind":"plain"}},"mobile_logo_image":{"nesting_mode":"list","block":{"attributes":{"data":{"type":"string","description":"Represented as base 64 encoded string of the image byte array","description_kind":"markdown","optional":true,"computed":true}},"description_kind":"plain"}}},"description_kind":"plain"}},"language":{"nesting_mode":"list","block":{"attributes":{"view_language":{"type":"string","description_kind":"plain","optional":true,"computed":true}},"description":"This property is supported only for Read operation and it allows to show the customizations in English. Other languages are not supported","description_kind":"markdown"}},"page_customizations":{"nesting_mode":"list","block":{"block_types":{"data":{"nesting_mode":"list","block":{"attributes":{"key":{"type":"string","description_kind":"plain","optional":true,"computed":true},"value":{"type":"string","description_kind":"plain","optional":true,"computed":true}},"description":"The Dictionary will be exposed here as key value pair","description_kind":"markdown"}}},"description":"Represent the entire page customization as a giant dictionary","description_kind":"markdown"}},"portal_theme":{"nesting_mode":"list","block":{"attributes":{"id":{"type":"string","description_kind":"plain","optional":true,"computed":true},"name":{"type":"string","description":"The system- or user-assigned name of the portal theme","description_kind":"markdown","optional":true,"computed":true},"theme_data":{"type":"string","description":"A CSS file, represented as a Base64-encoded byte array","description_kind":"markdown","optional":true,"computed":true}},"description_kind":"plain"}},"portal_tweak_settings":{"nesting_mode":"list","block":{"attributes":{"banner_color":{"type":"string","description":"Hex value of color","description_kind":"markdown","optional":true,"computed":true},"banner_text_color":{"type":"string","description_kind":"plain","optional":true,"computed":true},"page_background_color":{"type":"string","description_kind":"plain","optional":true,"computed":true},"page_label_and_text_color":{"type":"string","description_kind":"plain","optional":true,"computed":true}},"description":"The Tweak Settings are a customization of the Portal Theme that has been selected for the portal.\nWhen the Portal Theme selection is changed, the Tweak Settings are overwritten to match the values in the theme.\nThe Tweak Settings can subsequently be changed by the user","description_kind":"markdown"}}},"description":"Defines all of the Portal Customizations available","description_kind":"markdown"}},"settings":{"nesting_mode":"list","block":{"block_types":{"aup_settings":{"nesting_mode":"list","block":{"attributes":{"display_frequency":{"type":"string","description":"How the AUP should be displayed, either on page or as a link. Only valid if includeAup = true.\nAllowed Values:\n- FIRSTLOGIN,\n- EVERYLOGIN,\n- RECURRING","description_kind":"markdown","optional":true,"computed":true},"display_frequency_interval_days":{"type":"number","description":"Number of days between AUP confirmations (when displayFrequency = recurring)","description_kind":"markdown","optional":true,"computed":true},"include_aup":{"type":"string","description":"Require the portal user to read and accept an AUP","description_kind":"markdown","optional":true,"computed":true},"require_scrolling":{"type":"string","description":"Require the portal user to scroll to the end of the AUP. Only valid if requireAupAcceptance = true","description_kind":"markdown","optional":true,"computed":true}},"description":"Configuration of the Acceptable Use Policy (AUP) for a portal","description_kind":"markdown"}},"employee_change_password_settings":{"nesting_mode":"list","block":{"attributes":{"allow_employee_to_change_pwd":{"type":"string","description_kind":"plain","optional":true,"computed":true}},"description_kind":"plain"}},"login_page_settings":{"nesting_mode":"list","block":{"attributes":{"aup_display":{"type":"string","description":"How the AUP should be displayed, either on page or as a link.\nOnly valid if includeAup = true.\nAllowed values:\n-  ONPAGE,\n- ASLINK","description_kind":"markdown","optional":true,"computed":true},"include_aup":{"type":"string","description":"Include an Acceptable Use Policy (AUP) that should be displayed during login","description_kind":"markdown","optional":true,"computed":true},"max_failed_attempts_before_rate_limit":{"type":"number","description":"Maximum failed login attempts before rate limiting","description_kind":"markdown","optional":true,"computed":true},"require_aup_acceptance":{"type":"string","description":"Require the portal user to accept the AUP.\nOnly valid if includeAup = true","description_kind":"markdown","optional":true,"computed":true},"require_scrolling":{"type":"string","description":"Require the portal user to scroll to the end of the AUP. Only valid if requireAupAcceptance = true","description_kind":"markdown","optional":true,"computed":true},"social_configs":{"type":["list","string"],"description_kind":"plain","optional":true,"computed":true},"time_between_logins_during_rate_limit":{"type":"number","description":"Time between login attempts when rate limiting","description_kind":"markdown","optional":true,"computed":true}},"description_kind":"plain"}},"portal_settings":{"nesting_mode":"list","block":{"attributes":{"allowed_interfaces":{"type":["list","string"],"description":"Interfaces that the portal will be reachable on.\nAllowed values:\n- eth0,\n- eth1,\n- eth2,\n- eth3,\n- eth4,\n- eth5,\n- bond0,\n- bond1,\n- bond2","description_kind":"markdown","optional":true,"computed":true},"always_used_language":{"type":"string","description_kind":"plain","optional":true,"computed":true},"certificate_group_tag":{"type":"string","description":"Logical name of the x.509 server certificate that will be used for the portal","description_kind":"markdown","optional":true,"computed":true},"display_lang":{"type":"string","description":"Allowed values:\n- USEBROWSERLOCALE,\n- ALWAYSUSE","description_kind":"markdown","optional":true,"computed":true},"endpoint_identity_group":{"type":"string","description":"Unique Id of the endpoint identity group where user's devices will be added. Used only in Hotspot Portal","description_kind":"markdown","optional":true,"computed":true},"fallback_language":{"type":"string","description":"Used when displayLang = USEBROWSERLOCALE","description_kind":"markdown","optional":true,"computed":true},"https_port":{"type":"number","description":"The port number that the allowed interfaces will listen on. Range from 8000 to 8999","description_kind":"markdown","optional":true,"computed":true}},"description":"The port, interface, certificate, and other basic settings of a portal","description_kind":"markdown"}},"post_access_banner_settings":{"nesting_mode":"list","block":{"attributes":{"include_post_access_banner":{"type":"string","description_kind":"plain","optional":true,"computed":true}},"description_kind":"plain"}},"post_login_banner_settings":{"nesting_mode":"list","block":{"attributes":{"include_post_access_banner":{"type":"string","description":"Include a Post-Login Banner page","description_kind":"markdown","optional":true,"computed":true}},"description_kind":"plain"}},"support_info_settings":{"nesting_mode":"list","block":{"attributes":{"default_empty_field_value":{"type":"string","description":"The default value displayed for an empty field.\nOnly valid when emptyFieldDisplay = DISPLAYWITHDEFAULTVALUE","description_kind":"markdown","optional":true,"computed":true},"empty_field_display":{"type":"string","description":"Specifies how empty fields are handled on the Support Information Page. Allowed values:\n- HIDE,\n- DISPLAYWITHNOVALUE,\n- DISPLAYWITHDEFAULTVALUE","description_kind":"markdown","optional":true,"computed":true},"include_browser_user_agent":{"type":"string","description_kind":"plain","optional":true,"computed":true},"include_failure_code":{"type":"string","description_kind":"plain","optional":true,"computed":true},"include_ip_address":{"type":"string","description_kind":"plain","optional":true,"computed":true},"include_mac_addr":{"type":"string","description_kind":"plain","optional":true,"computed":true},"include_policy_server":{"type":"string","description_kind":"plain","optional":true,"computed":true},"include_support_info_page":{"type":"string","description_kind":"plain","optional":true,"computed":true}},"description_kind":"plain"}}},"description":"Defines all of the settings groups available for a Mydevice portal","description_kind":"markdown"}}},"description_kind":"plain"}}},"description":"It manages create, read, update and delete operations on MyDevicePortal.\n\n- This resource allows the client to update a my device portal by ID.\n\n- This resource deletes a my device portal by ID.\n\n- This resource creates a my device portal.\n","description_kind":"markdown"}},"ciscoise_native_supplicant_profile":{"version":0,"block":{"attributes":{"id":{"type":"string","description_kind":"plain","optional":true,"computed":true},"last_updated":{"type":"string","description_kind":"plain","computed":true}},"block_types":{"item":{"nesting_mode":"list","block":{"attributes":{"description":{"type":"string","description_kind":"plain","optional":true,"computed":true},"id":{"type":"string","description_kind":"plain","optional":true,"computed":true},"link":{"type":["list",["object",{"href":"string","rel":"string","type":"string"}]],"description_kind":"plain","computed":true},"name":{"type":"string","description_kind":"plain","optional":true,"computed":true}},"block_types":{"wireless_profiles":{"nesting_mode":"list","block":{"attributes":{"action_type":{"type":"string","description":"Action type for WifiProfile.\nAllowed values:\n- ADD,\n- UPDATE,\n- DELETE\n(required for updating existing WirelessProfile)","description_kind":"markdown","optional":true,"computed":true},"allowed_protocol":{"type":"string","description_kind":"plain","optional":true,"computed":true},"certificate_template_id":{"type":"string","description_kind":"plain","optional":true,"computed":true},"previous_ssid":{"type":"string","description":"Previous ssid for WifiProfile (required for updating existing WirelessProfile)","description_kind":"markdown","optional":true,"computed":true},"ssid":{"type":"string","description_kind":"plain","optional":true,"computed":true}},"description_kind":"plain"}}},"description_kind":"plain"}}},"description":"It manages read, update and delete operations on NativeSupplicantProfile.\n\n- This resource allows the client to update a native supplicant profile\n\n- This resource deletes a native supplicant profile.\n","description_kind":"markdown"}},"ciscoise_network_access_authentication_rules":{"version":0,"block":{"attributes":{"id":{"type":"string","description_kind":"plain","optional":true,"computed":true},"last_updated":{"type":"string","description_kind":"plain","computed":true}},"block_types":{"item":{"nesting_mode":"list","block":{"attributes":{"id":{"type":"string","description":"id path parameter. Rule id","description_kind":"markdown","optional":true},"identity_source_id":{"type":"string","description":"Identity source id from the identity stores","description_kind":"markdown","optional":true,"computed":true},"identity_source_name":{"type":"string","description":"Identity source name from the identity stores","description_kind":"markdown","optional":true,"computed":true},"if_auth_fail":{"type":"string","description":"Action to perform when authentication fails such as Bad credentials, disabled user and so on","description_kind":"markdown","optional":true,"computed":true},"if_process_fail":{"type":"string","description":"Action to perform when ISE is uanble to access the identity database","description_kind":"markdown","optional":true,"computed":true},"if_user_not_found":{"type":"string","description":"Action to perform when user is not found in any of identity stores","description_kind":"markdown","optional":true,"computed":true},"link":{"type":["list",["object",{"href":"string","rel":"string","type":"string"}]],"description_kind":"plain","computed":true},"policy_id":{"type":"string","description":"policyId path parameter. Policy id","description_kind":"markdown","optional":true}},"block_types":{"rule":{"nesting_mode":"list","block":{"attributes":{"default":{"type":"string","description":"Indicates if this rule is the default one","description_kind":"markdown","optional":true,"computed":true},"hit_counts":{"type":"number","description":"The amount of times the rule was matched","description_kind":"markdown","optional":true,"computed":true},"id":{"type":"string","description":"The identifier of the rule","description_kind":"markdown","optional":true,"computed":true},"name":{"type":"string","description":"Rule name, [Valid characters are alphanumerics, underscore, hyphen, space, period, parentheses]","description_kind":"markdown","optional":true,"computed":true},"rank":{"type":"number","description":"The rank(priority) in relation to other rules. Lower rank is higher priority.","description_kind":"markdown","optional":true,"computed":true},"state":{"type":"string","description":"The state that the rule is in. A disabled rule cannot be matched.","description_kind":"markdown","optional":true,"computed":true}},"block_types":{"condition":{"nesting_mode":"list","block":{"attributes":{"attribute_id":{"type":"string","description":"Dictionary attribute id (Optional), used for additional verification","description_kind":"markdown","optional":true,"computed":true},"attribute_name":{"type":"string","description":"Dictionary attribute name","description_kind":"markdown","optional":true,"computed":true},"attribute_value":{"type":"string","description":"\u003cul\u003e\u003cli\u003eAttribute value for condition\u003c/li\u003e \u003cli\u003eValue type is specified in dictionary object\u003c/li\u003e \u003cli\u003eif multiple values allowed is specified in dictionary object\u003c/li\u003e\u003c/ul\u003e","description_kind":"markdown","optional":true,"computed":true},"condition_type":{"type":"string","description":"\u003cul\u003e\u003cli\u003eInidicates whether the record is the condition itself(data) or a logical(or,and) aggregation\u003c/li\u003e \u003cli\u003eData type enum(reference,single) indicates than \"conditonId\" OR \"ConditionAttrs\" fields should contain condition data but not both\u003c/li\u003e \u003cli\u003eLogical aggreation(and,or) enum indicates that additional conditions are present under the children field\u003c/li\u003e\u003c/ul\u003e","description_kind":"markdown","optional":true,"computed":true},"description":{"type":"string","description":"Condition description","description_kind":"markdown","optional":true,"computed":true},"dictionary_name":{"type":"string","description":"Dictionary name","description_kind":"markdown","optional":true,"computed":true},"dictionary_value":{"type":"string","description":"Dictionary value","description_kind":"markdown","optional":true,"computed":true},"id":{"type":"string","description_kind":"plain","optional":true,"computed":true},"is_negate":{"type":"string","description":"Indicates whereas this condition is in negate mode","description_kind":"markdown","optional":true,"computed":true},"link":{"type":["list",["object",{"href":"string","rel":"string","type":"string"}]],"description_kind":"plain","computed":true},"name":{"type":"string","description":"Condition name","description_kind":"markdown","optional":true,"computed":true},"operator":{"type":"string","description":"Equality operator","description_kind":"markdown","optional":true,"computed":true},"week_days":{"type":["list","string"],"description":"\u003cp\u003eDefines for which days this condition will be matched\u003cbr\u003e Days format - Arrays of WeekDay enums \u003cbr\u003e Default - List of All week days\u003c/p\u003e","description_kind":"markdown","optional":true,"computed":true},"week_days_exception":{"type":["list","string"],"description":"\u003cp\u003eDefines for which days this condition will NOT be matched\u003cbr\u003e Days format - Arrays of WeekDay enums \u003cbr\u003e Default - Not enabled\u003c/p\u003e","description_kind":"markdown","optional":true,"computed":true}},"block_types":{"children":{"nesting_mode":"list","block":{"attributes":{"condition_type":{"type":"string","description":"\u003cul\u003e\u003cli\u003eInidicates whether the record is the condition itself(data) or a logical(or,and) aggregation\u003c/li\u003e \u003cli\u003eData type enum(reference,single) indicates than \"conditonId\" OR \"ConditionAttrs\" fields should contain condition data but not both\u003c/li\u003e \u003cli\u003eLogical aggreation(and,or) enum indicates that additional conditions are present under the children field\u003c/li\u003e\u003c/ul\u003e","description_kind":"markdown","optional":true,"computed":true},"is_negate":{"type":"string","description":"Indicates whereas this condition is in negate mode","description_kind":"markdown","optional":true,"computed":true},"link":{"type":["list",["object",{"href":"string","rel":"string","type":"string"}]],"description_kind":"plain","computed":true}},"description":"In case type is andBlock or orBlock addtional conditions will be aggregated under this logical (OR/AND) condition","description_kind":"markdown"}},"dates_range":{"nesting_mode":"list","block":{"attributes":{"end_date":{"type":"string","description_kind":"plain","optional":true,"computed":true},"start_date":{"type":"string","description_kind":"plain","optional":true,"computed":true}},"description":"\u003cp\u003eDefines for which date/s TimeAndDate condition will be matched or NOT matched if used in exceptionDates prooperty\u003cbr\u003e Options are - Date range, for specific date, the same date should be used for start/end date \u003cbr\u003e Default - no specific dates\u003cbr\u003e In order to reset the dates to have no specific dates Date format - yyyy-mm-dd (MM = month, dd = day, yyyy = year)\u003c/p\u003e","description_kind":"markdown"}},"dates_range_exception":{"nesting_mode":"list","block":{"attributes":{"end_date":{"type":"string","description_kind":"plain","optional":true,"computed":true},"start_date":{"type":"string","description_kind":"plain","optional":true,"computed":true}},"description":"\u003cp\u003eDefines for which date/s TimeAndDate condition will be matched or NOT matched if used in exceptionDates prooperty\u003cbr\u003e Options are - Date range, for specific date, the same date should be used for start/end date \u003cbr\u003e Default - no specific dates\u003cbr\u003e In order to reset the dates to have no specific dates Date format - yyyy-mm-dd (MM = month, dd = day, yyyy = year)\u003c/p\u003e","description_kind":"markdown"}},"hours_range":{"nesting_mode":"list","block":{"attributes":{"end_time":{"type":"string","description_kind":"plain","optional":true,"computed":true},"start_time":{"type":"string","description_kind":"plain","optional":true,"computed":true}},"description":"\u003cp\u003eDefines for which hours a TimeAndDate condition will be matched or not matched if used in exceptionHours property\u003cbr\u003e Time foramt - hh:mm  ( h = hour , mm = minutes ) \u003cbr\u003e Default - All Day \u003c/p\u003e","description_kind":"markdown"}},"hours_range_exception":{"nesting_mode":"list","block":{"attributes":{"end_time":{"type":"string","description_kind":"plain","optional":true,"computed":true},"start_time":{"type":"string","description_kind":"plain","optional":true,"computed":true}},"description":"\u003cp\u003eDefines for which hours a TimeAndDate condition will be matched or not matched if used in exceptionHours property\u003cbr\u003e Time foramt - hh:mm  ( h = hour , mm = minutes ) \u003cbr\u003e Default - All Day \u003c/p\u003e","description_kind":"markdown"}}},"description_kind":"plain"}}},"description":"Common attributes in rule authentication/authorization","description_kind":"markdown"}}},"description_kind":"plain"}}},"description":"It manages create, read, update and delete operations on Network Access - Authentication Rules.\n\n- Network Access Create authentication rule:\n\n\n\n Rule must include name and condition.\n\n\n Condition has hierarchical structure which define a set of conditions for which authentication policy rule could be\nmatch.\n\n\n Condition can be either reference to a stored Library condition, using model\nConditionReference\n\n\nor dynamically built conditions which are not stored in the conditions Library, using models\nConditionAttributes, ConditionAndBlock, ConditionOrBlock\n.\n\n\n\n- Network Access Update rule.\n\n- Network Access Delete rule.\n","description_kind":"markdown"}},"ciscoise_network_access_authorization_rules":{"version":0,"block":{"attributes":{"id":{"type":"string","description_kind":"plain","optional":true,"computed":true},"last_updated":{"type":"string","description_kind":"plain","computed":true}},"block_types":{"item":{"nesting_mode":"list","block":{"attributes":{"id":{"type":"string","description":"id path parameter. Rule id","description_kind":"markdown","optional":true},"link":{"type":["list",["object",{"href":"string","rel":"string","type":"string"}]],"description_kind":"plain","computed":true},"policy_id":{"type":"string","description":"policyId path parameter. Policy id","description_kind":"markdown","optional":true},"profile":{"type":["list","string"],"description":"The authorization profile/s","description_kind":"markdown","optional":true,"computed":true},"security_group":{"type":"string","description":"Security group used in authorization policies","description_kind":"markdown","optional":true,"computed":true}},"block_types":{"rule":{"nesting_mode":"list","block":{"attributes":{"default":{"type":"string","description":"Indicates if this rule is the default one","description_kind":"markdown","optional":true,"computed":true},"hit_counts":{"type":"number","description":"The amount of times the rule was matched","description_kind":"markdown","optional":true,"computed":true},"id":{"type":"string","description":"The identifier of the rule","description_kind":"markdown","optional":true,"computed":true},"name":{"type":"string","description":"Rule name, [Valid characters are alphanumerics, underscore, hyphen, space, period, parentheses]","description_kind":"markdown","optional":true,"computed":true},"rank":{"type":"number","description":"The rank(priority) in relation to other rules. Lower rank is higher priority.","description_kind":"markdown","optional":true,"computed":true},"state":{"type":"string","description":"The state that the rule is in. A disabled rule cannot be matched.","description_kind":"markdown","optional":true,"computed":true}},"block_types":{"condition":{"nesting_mode":"list","block":{"attributes":{"attribute_id":{"type":"string","description":"Dictionary attribute id (Optional), used for additional verification","description_kind":"markdown","optional":true,"computed":true},"attribute_name":{"type":"string","description":"Dictionary attribute name","description_kind":"markdown","optional":true,"computed":true},"attribute_value":{"type":"string","description":"\u003cul\u003e\u003cli\u003eAttribute value for condition\u003c/li\u003e \u003cli\u003eValue type is specified in dictionary object\u003c/li\u003e \u003cli\u003eif multiple values allowed is specified in dictionary object\u003c/li\u003e\u003c/ul\u003e","description_kind":"markdown","optional":true,"computed":true},"condition_type":{"type":"string","description":"\u003cul\u003e\u003cli\u003eInidicates whether the record is the condition itself(data) or a logical(or,and) aggregation\u003c/li\u003e \u003cli\u003eData type enum(reference,single) indicates than \"conditonId\" OR \"ConditionAttrs\" fields should contain condition data but not both\u003c/li\u003e \u003cli\u003eLogical aggreation(and,or) enum indicates that additional conditions are present under the children field\u003c/li\u003e\u003c/ul\u003e","description_kind":"markdown","optional":true,"computed":true},"description":{"type":"string","description":"Condition description","description_kind":"markdown","optional":true,"computed":true},"dictionary_name":{"type":"string","description":"Dictionary name","description_kind":"markdown","optional":true,"computed":true},"dictionary_value":{"type":"string","description":"Dictionary value","description_kind":"markdown","optional":true,"computed":true},"id":{"type":"string","description_kind":"plain","optional":true,"computed":true},"is_negate":{"type":"string","description":"Indicates whereas this condition is in negate mode","description_kind":"markdown","optional":true,"computed":true},"link":{"type":["list",["object",{"href":"string","rel":"string","type":"string"}]],"description_kind":"plain","computed":true},"name":{"type":"string","description":"Condition name","description_kind":"markdown","optional":true,"computed":true},"operator":{"type":"string","description":"Equality operator","description_kind":"markdown","optional":true,"computed":true},"week_days":{"type":["list","string"],"description":"\u003cp\u003eDefines for which days this condition will be matched\u003cbr\u003e Days format - Arrays of WeekDay enums \u003cbr\u003e Default - List of All week days\u003c/p\u003e","description_kind":"markdown","optional":true,"computed":true},"week_days_exception":{"type":["list","string"],"description":"\u003cp\u003eDefines for which days this condition will NOT be matched\u003cbr\u003e Days format - Arrays of WeekDay enums \u003cbr\u003e Default - Not enabled\u003c/p\u003e","description_kind":"markdown","optional":true,"computed":true}},"block_types":{"children":{"nesting_mode":"list","block":{"attributes":{"condition_type":{"type":"string","description":"\u003cul\u003e\u003cli\u003eInidicates whether the record is the condition itself(data) or a logical(or,and) aggregation\u003c/li\u003e \u003cli\u003eData type enum(reference,single) indicates than \"conditonId\" OR \"ConditionAttrs\" fields should contain condition data but not both\u003c/li\u003e \u003cli\u003eLogical aggreation(and,or) enum indicates that additional conditions are present under the children field\u003c/li\u003e\u003c/ul\u003e","description_kind":"markdown","optional":true,"computed":true},"is_negate":{"type":"string","description":"Indicates whereas this condition is in negate mode","description_kind":"markdown","optional":true,"computed":true},"link":{"type":["list",["object",{"href":"string","rel":"string","type":"string"}]],"description_kind":"plain","computed":true}},"description":"In case type is andBlock or orBlock addtional conditions will be aggregated under this logical (OR/AND) condition","description_kind":"markdown"}},"dates_range":{"nesting_mode":"list","block":{"attributes":{"end_date":{"type":"string","description_kind":"plain","optional":true,"computed":true},"start_date":{"type":"string","description_kind":"plain","optional":true,"computed":true}},"description":"\u003cp\u003eDefines for which date/s TimeAndDate condition will be matched or NOT matched if used in exceptionDates prooperty\u003cbr\u003e Options are - Date range, for specific date, the same date should be used for start/end date \u003cbr\u003e Default - no specific dates\u003cbr\u003e In order to reset the dates to have no specific dates Date format - yyyy-mm-dd (MM = month, dd = day, yyyy = year)\u003c/p\u003e","description_kind":"markdown"}},"dates_range_exception":{"nesting_mode":"list","block":{"attributes":{"end_date":{"type":"string","description_kind":"plain","optional":true,"computed":true},"start_date":{"type":"string","description_kind":"plain","optional":true,"computed":true}},"description":"\u003cp\u003eDefines for which date/s TimeAndDate condition will be matched or NOT matched if used in exceptionDates prooperty\u003cbr\u003e Options are - Date range, for specific date, the same date should be used for start/end date \u003cbr\u003e Default - no specific dates\u003cbr\u003e In order to reset the dates to have no specific dates Date format - yyyy-mm-dd (MM = month, dd = day, yyyy = year)\u003c/p\u003e","description_kind":"markdown"}},"hours_range":{"nesting_mode":"list","block":{"attributes":{"end_time":{"type":"string","description_kind":"plain","optional":true,"computed":true},"start_time":{"type":"string","description_kind":"plain","optional":true,"computed":true}},"description":"\u003cp\u003eDefines for which hours a TimeAndDate condition will be matched or not matched if used in exceptionHours property\u003cbr\u003e Time foramt - hh:mm  ( h = hour , mm = minutes ) \u003cbr\u003e Default - All Day \u003c/p\u003e","description_kind":"markdown"}},"hours_range_exception":{"nesting_mode":"list","block":{"attributes":{"end_time":{"type":"string","description_kind":"plain","optional":true,"computed":true},"start_time":{"type":"string","description_kind":"plain","optional":true,"computed":true}},"description":"\u003cp\u003eDefines for which hours a TimeAndDate condition will be matched or not matched if used in exceptionHours property\u003cbr\u003e Time foramt - hh:mm  ( h = hour , mm = minutes ) \u003cbr\u003e Default - All Day \u003c/p\u003e","description_kind":"markdown"}}},"description_kind":"plain"}}},"description":"Common attributes in rule authentication/authorization","description_kind":"markdown"}}},"description_kind":"plain"}}},"description":"It manages create, read, update and delete operations on Network Access - Authorization Rules.\n\n- Network Access Create authorization rule:\n\n\n\nRule must include name and condition.\n\n\nCondition has hierarchical structure which define a set of conditions for which authoriztion policy rule could be\nmatch.\n\n\nCondition can be either reference to a stored Library condition, using model\nConditionReference\n\n\nor dynamically built conditions which are not stored in the conditions Library, using models\nConditionAttributes, ConditionAndBlock, ConditionOrBlock\n.\n\n\n\n- Network Access Update authorization rule.\n\n- Network Access Delete authorization rule.\n","description_kind":"markdown"}},"ciscoise_network_access_conditions":{"version":0,"block":{"attributes":{"id":{"type":"string","description_kind":"plain","optional":true,"computed":true},"last_updated":{"type":"string","description_kind":"plain","computed":true}},"block_types":{"item":{"nesting_mode":"list","block":{"attributes":{"attribute_id":{"type":"string","description":"Dictionary attribute id (Optional), used for additional verification","description_kind":"markdown","optional":true,"computed":true},"attribute_name":{"type":"string","description":"Dictionary attribute name","description_kind":"markdown","optional":true,"computed":true},"attribute_value":{"type":"string","description":"\u003cul\u003e\u003cli\u003eAttribute value for condition\u003c/li\u003e \u003cli\u003eValue type is specified in dictionary object\u003c/li\u003e \u003cli\u003eif multiple values allowed is specified in dictionary object\u003c/li\u003e\u003c/ul\u003e","description_kind":"markdown","optional":true,"computed":true},"condition_type":{"type":"string","description":"\u003cul\u003e\u003cli\u003eInidicates whether the record is the condition itself(data) or a logical(or,and) aggregation\u003c/li\u003e \u003cli\u003eData type enum(reference,single) indicates than \"conditonId\" OR \"ConditionAttrs\" fields should contain condition data but not both\u003c/li\u003e \u003cli\u003eLogical aggreation(and,or) enum indicates that additional conditions are present under the children field\u003c/li\u003e\u003c/ul\u003e","description_kind":"markdown","optional":true,"computed":true},"description":{"type":"string","description":"Condition description","description_kind":"markdown","optional":true,"computed":true},"dictionary_name":{"type":"string","description":"Dictionary name","description_kind":"markdown","optional":true,"computed":true},"dictionary_value":{"type":"string","description":"Dictionary value","description_kind":"markdown","optional":true,"computed":true},"id":{"type":"string","description_kind":"plain","optional":true,"computed":true},"is_negate":{"type":"string","description":"Indicates whereas this condition is in negate mode","description_kind":"markdown","optional":true,"computed":true},"link":{"type":["list",["object",{"href":"string","rel":"string","type":"string"}]],"description_kind":"plain","computed":true},"name":{"type":"string","description":"Condition name","description_kind":"markdown","optional":true,"computed":true},"operator":{"type":"string","description":"Equality operator","description_kind":"markdown","optional":true,"computed":true},"week_days":{"type":["list","string"],"description":"\u003cp\u003eDefines for which days this condition will be matched\u003cbr\u003e Days format - Arrays of WeekDay enums \u003cbr\u003e Default - List of All week days\u003c/p\u003e","description_kind":"markdown","optional":true,"computed":true},"week_days_exception":{"type":["list","string"],"description":"\u003cp\u003eDefines for which days this condition will NOT be matched\u003cbr\u003e Days format - Arrays of WeekDay enums \u003cbr\u003e Default - Not enabled\u003c/p\u003e","description_kind":"markdown","optional":true,"computed":true}},"block_types":{"children":{"nesting_mode":"list","block":{"attributes":{"condition_type":{"type":"string","description":"\u003cul\u003e\u003cli\u003eInidicates whether the record is the condition itself(data) or a logical(or,and) aggregation\u003c/li\u003e \u003cli\u003eData type enum(reference,single) indicates than \"conditonId\" OR \"ConditionAttrs\" fields should contain condition data but not both\u003c/li\u003e \u003cli\u003eLogical aggreation(and,or) enum indicates that additional conditions are present under the children field\u003c/li\u003e\u003c/ul\u003e","description_kind":"markdown","optional":true,"computed":true},"is_negate":{"type":"string","description":"Indicates whereas this condition is in negate mode","description_kind":"markdown","optional":true,"computed":true},"link":{"type":["list",["object",{"href":"string","rel":"string","type":"string"}]],"description_kind":"plain","computed":true}},"description":"In case type is andBlock or orBlock addtional conditions will be aggregated under this logical (OR/AND) condition","description_kind":"markdown"}},"dates_range":{"nesting_mode":"list","block":{"attributes":{"end_date":{"type":"string","description_kind":"plain","optional":true,"computed":true},"start_date":{"type":"string","description_kind":"plain","optional":true,"computed":true}},"description":"\u003cp\u003eDefines for which date/s TimeAndDate condition will be matched or NOT matched if used in exceptionDates prooperty\u003cbr\u003e Options are - Date range, for specific date, the same date should be used for start/end date \u003cbr\u003e Default - no specific dates\u003cbr\u003e In order to reset the dates to have no specific dates Date format - yyyy-mm-dd (MM = month, dd = day, yyyy = year)\u003c/p\u003e","description_kind":"markdown"}},"dates_range_exception":{"nesting_mode":"list","block":{"attributes":{"end_date":{"type":"string","description_kind":"plain","optional":true,"computed":true},"start_date":{"type":"string","description_kind":"plain","optional":true,"computed":true}},"description":"\u003cp\u003eDefines for which date/s TimeAndDate condition will be matched or NOT matched if used in exceptionDates prooperty\u003cbr\u003e Options are - Date range, for specific date, the same date should be used for start/end date \u003cbr\u003e Default - no specific dates\u003cbr\u003e In order to reset the dates to have no specific dates Date format - yyyy-mm-dd (MM = month, dd = day, yyyy = year)\u003c/p\u003e","description_kind":"markdown"}},"hours_range":{"nesting_mode":"list","block":{"attributes":{"end_time":{"type":"string","description_kind":"plain","optional":true,"computed":true},"start_time":{"type":"string","description_kind":"plain","optional":true,"computed":true}},"description":"\u003cp\u003eDefines for which hours a TimeAndDate condition will be matched or not matched if used in exceptionHours property\u003cbr\u003e Time foramt - hh:mm  ( h = hour , mm = minutes ) \u003cbr\u003e Default - All Day \u003c/p\u003e","description_kind":"markdown"}},"hours_range_exception":{"nesting_mode":"list","block":{"attributes":{"end_time":{"type":"string","description_kind":"plain","optional":true,"computed":true},"start_time":{"type":"string","description_kind":"plain","optional":true,"computed":true}},"description":"\u003cp\u003eDefines for which hours a TimeAndDate condition will be matched or not matched if used in exceptionHours property\u003cbr\u003e Time foramt - hh:mm  ( h = hour , mm = minutes ) \u003cbr\u003e Default - All Day \u003c/p\u003e","description_kind":"markdown"}}},"description_kind":"plain"}}},"description":"It manages create, read, update and delete operations on Network Access - Conditions.\n\n- Network Access Creates a library condition:\n\n\n\n Library Condition has hierarchical structure which define a set of condition for which authentication and authorization\npolicy rules could be match.\n\n\n Condition can be compose from single dictionary attribute name and value using model\nLibraryConditionAttributes\n , or from combination of dictionary attributes with logical operation of AND/OR between them, using models:\nLibraryConditionAndBlock\n or\nLibraryConditionOrBlock\n.\n\n\n When using AND/OR blocks, the condition will include inner layers inside these blocks, these layers are built using the\ninner condition models:\nConditionAttributes\n,\nConditionAndBlock\n,\nConditionOrBlock\n, that represent dynamically built Conditions which are not stored in the conditions Library, or using\nConditionReference\n, which includes an ID to existing stored condition in the library.\n\n\n The LibraryCondition models can only be used in the outer-most layer (root of the condition) and must always include\nthe condition name.\n\n\n When using one of the 3 inner condition models (\nConditionAttributes, ConditionAndBlock, ConditionOrBlock\n), condition name cannot be included in the request, since these will not be stored in the conditions library, and used\nonly as inner members of the root condition.\n\n\n When using\nConditionReference\n model in inner layers, the condition name is not required.\n\n\n ConditionReference objects can also include a reference ID to a condition of type\nTimeAndDate\n.\n\n\n\n\n- Network Access Update library condition using condition name.\n\n- Network Access Delete a library condition using condition Name.\n\n- Network Access Update library condition.\n\n- Network Access Delete a library condition.\n","description_kind":"markdown"}},"ciscoise_network_access_dictionary":{"version":0,"block":{"attributes":{"id":{"type":"string","description_kind":"plain","optional":true,"computed":true},"last_updated":{"type":"string","description_kind":"plain","computed":true}},"block_types":{"item":{"nesting_mode":"list","block":{"attributes":{"description":{"type":"string","description":"The description of the Dictionary","description_kind":"markdown","optional":true,"computed":true},"dictionary_attr_type":{"type":"string","description":"The dictionary attribute type","description_kind":"markdown","optional":true,"computed":true},"id":{"type":"string","description":"Identifier for the dictionary","description_kind":"markdown","optional":true,"computed":true},"link":{"type":["list",["object",{"href":"string","rel":"string","type":"string"}]],"description_kind":"plain","computed":true},"name":{"type":"string","description":"The dictionary name","description_kind":"markdown","optional":true,"computed":true},"version":{"type":"string","description":"The dictionary version","description_kind":"markdown","optional":true,"computed":true}},"description_kind":"plain"}}},"description":"It manages create, read, update and delete operations on Network Access - Dictionary.\n\n- Network Access Create a new Dictionary.\n\n- Network Access Update a Dictionary.\n\n- Network Access Delete a Dictionary.\n","description_kind":"markdown"}},"ciscoise_network_access_dictionary_attribute":{"version":0,"block":{"attributes":{"id":{"type":"string","description_kind":"plain","optional":true,"computed":true},"last_updated":{"type":"string","description_kind":"plain","computed":true}},"block_types":{"item":{"nesting_mode":"list","block":{"attributes":{"data_type":{"type":"string","description":"the data type for the dictionary attribute","description_kind":"markdown","optional":true,"computed":true},"description":{"type":"string","description":"The description of the Dictionary attribute","description_kind":"markdown","optional":true,"computed":true},"dictionary_name":{"type":"string","description":"the name of the dictionary which the dictionary attribute belongs to","description_kind":"markdown","optional":true,"computed":true},"direction_type":{"type":"string","description":"the direction for the useage of the dictionary attribute","description_kind":"markdown","optional":true,"computed":true},"id":{"type":"string","description":"Identifier for the dictionary attribute","description_kind":"markdown","optional":true,"computed":true},"internal_name":{"type":"string","description":"the internal name of the dictionary attribute","description_kind":"markdown","optional":true,"computed":true},"name":{"type":"string","description":"The dictionary attribute's name","description_kind":"markdown","optional":true,"computed":true}},"block_types":{"allowed_values":{"nesting_mode":"list","block":{"attributes":{"is_default":{"type":"string","description":"true if this key value is the default between the allowed values of the dictionary attribute","description_kind":"markdown","optional":true,"computed":true},"key":{"type":"string","description_kind":"plain","optional":true,"computed":true},"value":{"type":"string","description_kind":"plain","optional":true,"computed":true}},"description":"all of the allowed values for the dictionary attribute","description_kind":"markdown"}}},"description_kind":"plain"}}},"description":"It manages create, read, update and delete operations on Network Access - Dictionary Attribute.\n\n- Create a new Dictionary Attribute for an existing Dictionary.\n\n- Update a Dictionary Attribute\n\n- Delete a Dictionary Attribute.\n","description_kind":"markdown"}},"ciscoise_network_access_global_exception_rules":{"version":0,"block":{"attributes":{"id":{"type":"string","description_kind":"plain","optional":true,"computed":true},"last_updated":{"type":"string","description_kind":"plain","computed":true}},"block_types":{"item":{"nesting_mode":"list","block":{"attributes":{"id":{"type":"string","description":"id path parameter. Rule id","description_kind":"markdown","optional":true},"link":{"type":["list",["object",{"href":"string","rel":"string","type":"string"}]],"description_kind":"plain","computed":true},"profile":{"type":["list","string"],"description":"The authorization profile/s","description_kind":"markdown","optional":true,"computed":true},"security_group":{"type":"string","description":"Security group used in authorization policies","description_kind":"markdown","optional":true,"computed":true}},"block_types":{"rule":{"nesting_mode":"list","block":{"attributes":{"default":{"type":"string","description":"Indicates if this rule is the default one","description_kind":"markdown","optional":true,"computed":true},"hit_counts":{"type":"number","description":"The amount of times the rule was matched","description_kind":"markdown","optional":true,"computed":true},"id":{"type":"string","description":"The identifier of the rule","description_kind":"markdown","optional":true,"computed":true},"name":{"type":"string","description":"Rule name, [Valid characters are alphanumerics, underscore, hyphen, space, period, parentheses]","description_kind":"markdown","optional":true,"computed":true},"rank":{"type":"number","description":"The rank(priority) in relation to other rules. Lower rank is higher priority.","description_kind":"markdown","optional":true,"computed":true},"state":{"type":"string","description":"The state that the rule is in. A disabled rule cannot be matched.","description_kind":"markdown","optional":true,"computed":true}},"block_types":{"condition":{"nesting_mode":"list","block":{"attributes":{"attribute_id":{"type":"string","description":"Dictionary attribute id (Optional), used for additional verification","description_kind":"markdown","optional":true,"computed":true},"attribute_name":{"type":"string","description":"Dictionary attribute name","description_kind":"markdown","optional":true,"computed":true},"attribute_value":{"type":"string","description":"\u003cul\u003e\u003cli\u003eAttribute value for condition\u003c/li\u003e \u003cli\u003eValue type is specified in dictionary object\u003c/li\u003e \u003cli\u003eif multiple values allowed is specified in dictionary object\u003c/li\u003e\u003c/ul\u003e","description_kind":"markdown","optional":true,"computed":true},"condition_type":{"type":"string","description":"\u003cul\u003e\u003cli\u003eInidicates whether the record is the condition itself(data) or a logical(or,and) aggregation\u003c/li\u003e \u003cli\u003eData type enum(reference,single) indicates than \"conditonId\" OR \"ConditionAttrs\" fields should contain condition data but not both\u003c/li\u003e \u003cli\u003eLogical aggreation(and,or) enum indicates that additional conditions are present under the children field\u003c/li\u003e\u003c/ul\u003e","description_kind":"markdown","optional":true,"computed":true},"description":{"type":"string","description":"Condition description","description_kind":"markdown","optional":true,"computed":true},"dictionary_name":{"type":"string","description":"Dictionary name","description_kind":"markdown","optional":true,"computed":true},"dictionary_value":{"type":"string","description":"Dictionary value","description_kind":"markdown","optional":true,"computed":true},"id":{"type":"string","description_kind":"plain","optional":true,"computed":true},"is_negate":{"type":"string","description":"Indicates whereas this condition is in negate mode","description_kind":"markdown","optional":true,"computed":true},"link":{"type":["list",["object",{"href":"string","rel":"string","type":"string"}]],"description_kind":"plain","computed":true},"name":{"type":"string","description":"Condition name","description_kind":"markdown","optional":true,"computed":true},"operator":{"type":"string","description":"Equality operator","description_kind":"markdown","optional":true,"computed":true},"week_days":{"type":["list","string"],"description":"\u003cp\u003eDefines for which days this condition will be matched\u003cbr\u003e Days format - Arrays of WeekDay enums \u003cbr\u003e Default - List of All week days\u003c/p\u003e","description_kind":"markdown","optional":true,"computed":true},"week_days_exception":{"type":["list","string"],"description":"\u003cp\u003eDefines for which days this condition will NOT be matched\u003cbr\u003e Days format - Arrays of WeekDay enums \u003cbr\u003e Default - Not enabled\u003c/p\u003e","description_kind":"markdown","optional":true,"computed":true}},"block_types":{"children":{"nesting_mode":"list","block":{"attributes":{"condition_type":{"type":"string","description":"\u003cul\u003e\u003cli\u003eInidicates whether the record is the condition itself(data) or a logical(or,and) aggregation\u003c/li\u003e \u003cli\u003eData type enum(reference,single) indicates than \"conditonId\" OR \"ConditionAttrs\" fields should contain condition data but not both\u003c/li\u003e \u003cli\u003eLogical aggreation(and,or) enum indicates that additional conditions are present under the children field\u003c/li\u003e\u003c/ul\u003e","description_kind":"markdown","optional":true,"computed":true},"is_negate":{"type":"string","description":"Indicates whereas this condition is in negate mode","description_kind":"markdown","optional":true,"computed":true},"link":{"type":["list",["object",{"href":"string","rel":"string","type":"string"}]],"description_kind":"plain","computed":true}},"description":"In case type is andBlock or orBlock addtional conditions will be aggregated under this logical (OR/AND) condition","description_kind":"markdown"}},"dates_range":{"nesting_mode":"list","block":{"attributes":{"end_date":{"type":"string","description_kind":"plain","optional":true,"computed":true},"start_date":{"type":"string","description_kind":"plain","optional":true,"computed":true}},"description":"\u003cp\u003eDefines for which date/s TimeAndDate condition will be matched or NOT matched if used in exceptionDates prooperty\u003cbr\u003e Options are - Date range, for specific date, the same date should be used for start/end date \u003cbr\u003e Default - no specific dates\u003cbr\u003e In order to reset the dates to have no specific dates Date format - yyyy-mm-dd (MM = month, dd = day, yyyy = year)\u003c/p\u003e","description_kind":"markdown"}},"dates_range_exception":{"nesting_mode":"list","block":{"attributes":{"end_date":{"type":"string","description_kind":"plain","optional":true,"computed":true},"start_date":{"type":"string","description_kind":"plain","optional":true,"computed":true}},"description":"\u003cp\u003eDefines for which date/s TimeAndDate condition will be matched or NOT matched if used in exceptionDates prooperty\u003cbr\u003e Options are - Date range, for specific date, the same date should be used for start/end date \u003cbr\u003e Default - no specific dates\u003cbr\u003e In order to reset the dates to have no specific dates Date format - yyyy-mm-dd (MM = month, dd = day, yyyy = year)\u003c/p\u003e","description_kind":"markdown"}},"hours_range":{"nesting_mode":"list","block":{"attributes":{"end_time":{"type":"string","description_kind":"plain","optional":true,"computed":true},"start_time":{"type":"string","description_kind":"plain","optional":true,"computed":true}},"description":"\u003cp\u003eDefines for which hours a TimeAndDate condition will be matched or not matched if used in exceptionHours property\u003cbr\u003e Time foramt - hh:mm  ( h = hour , mm = minutes ) \u003cbr\u003e Default - All Day \u003c/p\u003e","description_kind":"markdown"}},"hours_range_exception":{"nesting_mode":"list","block":{"attributes":{"end_time":{"type":"string","description_kind":"plain","optional":true,"computed":true},"start_time":{"type":"string","description_kind":"plain","optional":true,"computed":true}},"description":"\u003cp\u003eDefines for which hours a TimeAndDate condition will be matched or not matched if used in exceptionHours property\u003cbr\u003e Time foramt - hh:mm  ( h = hour , mm = minutes ) \u003cbr\u003e Default - All Day \u003c/p\u003e","description_kind":"markdown"}}},"description_kind":"plain"}}},"description":"Common attributes in rule authentication/authorization","description_kind":"markdown"}}},"description_kind":"plain"}}},"description":"It manages create, read, update and delete operations on Network Access - Authorization Global Exception\nRules.\n\n- Network Access Create global exception authorization rule:\n\n\n\n Rule must include name and condition.\n\n\n Condition has hierarchical structure which define a set of conditions for which authoriztion policy rule could be\nmatch.\n\n\n Condition can be either reference to a stored Library condition, using model\nConditionReference\n\n\nor dynamically built conditions which are not stored in the conditions Library, using models\nConditionAttributes, ConditionAndBlock, ConditionOrBlock\n.\n\n\n\n- Network Access Update global exception authorization rule.\n\n- Network Access Delete global exception authorization rule.\n","description_kind":"markdown"}},"ciscoise_network_access_local_exception_rules":{"version":0,"block":{"attributes":{"id":{"type":"string","description_kind":"plain","optional":true,"computed":true},"last_updated":{"type":"string","description_kind":"plain","computed":true}},"block_types":{"item":{"nesting_mode":"list","block":{"attributes":{"id":{"type":"string","description":"id path parameter. Rule id","description_kind":"markdown","optional":true},"link":{"type":["list",["object",{"href":"string","rel":"string","type":"string"}]],"description_kind":"plain","computed":true},"policy_id":{"type":"string","description":"policyId path parameter. Policy id","description_kind":"markdown","optional":true},"profile":{"type":["list","string"],"description":"The authorization profile/s","description_kind":"markdown","optional":true,"computed":true},"security_group":{"type":"string","description":"Security group used in authorization policies","description_kind":"markdown","optional":true,"computed":true}},"block_types":{"rule":{"nesting_mode":"list","block":{"attributes":{"default":{"type":"string","description":"Indicates if this rule is the default one","description_kind":"markdown","optional":true,"computed":true},"hit_counts":{"type":"number","description":"The amount of times the rule was matched","description_kind":"markdown","optional":true,"computed":true},"id":{"type":"string","description":"The identifier of the rule","description_kind":"markdown","optional":true,"computed":true},"name":{"type":"string","description":"Rule name, [Valid characters are alphanumerics, underscore, hyphen, space, period, parentheses]","description_kind":"markdown","optional":true,"computed":true},"rank":{"type":"number","description":"The rank(priority) in relation to other rules. Lower rank is higher priority.","description_kind":"markdown","optional":true,"computed":true},"state":{"type":"string","description":"The state that the rule is in. A disabled rule cannot be matched.","description_kind":"markdown","optional":true,"computed":true}},"block_types":{"condition":{"nesting_mode":"list","block":{"attributes":{"attribute_id":{"type":"string","description":"Dictionary attribute id (Optional), used for additional verification","description_kind":"markdown","optional":true,"computed":true},"attribute_name":{"type":"string","description":"Dictionary attribute name","description_kind":"markdown","optional":true,"computed":true},"attribute_value":{"type":"string","description":"\u003cul\u003e\u003cli\u003eAttribute value for condition\u003c/li\u003e \u003cli\u003eValue type is specified in dictionary object\u003c/li\u003e \u003cli\u003eif multiple values allowed is specified in dictionary object\u003c/li\u003e\u003c/ul\u003e","description_kind":"markdown","optional":true,"computed":true},"condition_type":{"type":"string","description":"\u003cul\u003e\u003cli\u003eInidicates whether the record is the condition itself(data) or a logical(or,and) aggregation\u003c/li\u003e \u003cli\u003eData type enum(reference,single) indicates than \"conditonId\" OR \"ConditionAttrs\" fields should contain condition data but not both\u003c/li\u003e \u003cli\u003eLogical aggreation(and,or) enum indicates that additional conditions are present under the children field\u003c/li\u003e\u003c/ul\u003e","description_kind":"markdown","optional":true,"computed":true},"description":{"type":"string","description":"Condition description","description_kind":"markdown","optional":true,"computed":true},"dictionary_name":{"type":"string","description":"Dictionary name","description_kind":"markdown","optional":true,"computed":true},"dictionary_value":{"type":"string","description":"Dictionary value","description_kind":"markdown","optional":true,"computed":true},"id":{"type":"string","description_kind":"plain","optional":true,"computed":true},"is_negate":{"type":"string","description":"Indicates whereas this condition is in negate mode","description_kind":"markdown","optional":true,"computed":true},"link":{"type":["list",["object",{"href":"string","rel":"string","type":"string"}]],"description_kind":"plain","computed":true},"name":{"type":"string","description":"Condition name","description_kind":"markdown","optional":true,"computed":true},"operator":{"type":"string","description":"Equality operator","description_kind":"markdown","optional":true,"computed":true},"week_days":{"type":["list","string"],"description":"\u003cp\u003eDefines for which days this condition will be matched\u003cbr\u003e Days format - Arrays of WeekDay enums \u003cbr\u003e Default - List of All week days\u003c/p\u003e","description_kind":"markdown","optional":true,"computed":true},"week_days_exception":{"type":["list","string"],"description":"\u003cp\u003eDefines for which days this condition will NOT be matched\u003cbr\u003e Days format - Arrays of WeekDay enums \u003cbr\u003e Default - Not enabled\u003c/p\u003e","description_kind":"markdown","optional":true,"computed":true}},"block_types":{"children":{"nesting_mode":"list","block":{"attributes":{"condition_type":{"type":"string","description":"\u003cul\u003e\u003cli\u003eInidicates whether the record is the condition itself(data) or a logical(or,and) aggregation\u003c/li\u003e \u003cli\u003eData type enum(reference,single) indicates than \"conditonId\" OR \"ConditionAttrs\" fields should contain condition data but not both\u003c/li\u003e \u003cli\u003eLogical aggreation(and,or) enum indicates that additional conditions are present under the children field\u003c/li\u003e\u003c/ul\u003e","description_kind":"markdown","optional":true,"computed":true},"is_negate":{"type":"string","description":"Indicates whereas this condition is in negate mode","description_kind":"markdown","optional":true,"computed":true},"link":{"type":["list",["object",{"href":"string","rel":"string","type":"string"}]],"description_kind":"plain","computed":true}},"description":"In case type is andBlock or orBlock addtional conditions will be aggregated under this logical (OR/AND) condition","description_kind":"markdown"}},"dates_range":{"nesting_mode":"list","block":{"attributes":{"end_date":{"type":"string","description_kind":"plain","optional":true,"computed":true},"start_date":{"type":"string","description_kind":"plain","optional":true,"computed":true}},"description":"\u003cp\u003eDefines for which date/s TimeAndDate condition will be matched or NOT matched if used in exceptionDates prooperty\u003cbr\u003e Options are - Date range, for specific date, the same date should be used for start/end date \u003cbr\u003e Default - no specific dates\u003cbr\u003e In order to reset the dates to have no specific dates Date format - yyyy-mm-dd (MM = month, dd = day, yyyy = year)\u003c/p\u003e","description_kind":"markdown"}},"dates_range_exception":{"nesting_mode":"list","block":{"attributes":{"end_date":{"type":"string","description_kind":"plain","optional":true,"computed":true},"start_date":{"type":"string","description_kind":"plain","optional":true,"computed":true}},"description":"\u003cp\u003eDefines for which date/s TimeAndDate condition will be matched or NOT matched if used in exceptionDates prooperty\u003cbr\u003e Options are - Date range, for specific date, the same date should be used for start/end date \u003cbr\u003e Default - no specific dates\u003cbr\u003e In order to reset the dates to have no specific dates Date format - yyyy-mm-dd (MM = month, dd = day, yyyy = year)\u003c/p\u003e","description_kind":"markdown"}},"hours_range":{"nesting_mode":"list","block":{"attributes":{"end_time":{"type":"string","description_kind":"plain","optional":true,"computed":true},"start_time":{"type":"string","description_kind":"plain","optional":true,"computed":true}},"description":"\u003cp\u003eDefines for which hours a TimeAndDate condition will be matched or not matched if used in exceptionHours property\u003cbr\u003e Time foramt - hh:mm  ( h = hour , mm = minutes ) \u003cbr\u003e Default - All Day \u003c/p\u003e","description_kind":"markdown"}},"hours_range_exception":{"nesting_mode":"list","block":{"attributes":{"end_time":{"type":"string","description_kind":"plain","optional":true,"computed":true},"start_time":{"type":"string","description_kind":"plain","optional":true,"computed":true}},"description":"\u003cp\u003eDefines for which hours a TimeAndDate condition will be matched or not matched if used in exceptionHours property\u003cbr\u003e Time foramt - hh:mm  ( h = hour , mm = minutes ) \u003cbr\u003e Default - All Day \u003c/p\u003e","description_kind":"markdown"}}},"description_kind":"plain"}}},"description":"Common attributes in rule authentication/authorization","description_kind":"markdown"}}},"description_kind":"plain"}}},"description":"It manages create, read, update and delete operations on Network Access - Authorization Exception Rules.\n\n- Network Access Create local authorization exception rule:\n\n\n\n Rule must include name and condition.\n\n\n Condition has hierarchical structure which define a set of conditions for which authoriztion policy rule could be\nmatch.\n\n\n Condition can be either reference to a stored Library condition, using model\nConditionReference\n\n\nor dynamically built conditions which are not stored in the conditions Library, using models\nConditionAttributes, ConditionAndBlock, ConditionOrBlock\n.\n\n\n\n- Network Access Update local exception rule.\n\n- Network Access Delete local exception rule.\n","description_kind":"markdown"}},"ciscoise_network_access_network_condition":{"version":0,"block":{"attributes":{"id":{"type":"string","description_kind":"plain","optional":true,"computed":true},"last_updated":{"type":"string","description_kind":"plain","computed":true}},"block_types":{"item":{"nesting_mode":"list","block":{"attributes":{"condition_type":{"type":"string","description":"This field determines the content of the conditions field","description_kind":"markdown","optional":true,"computed":true},"description":{"type":"string","description_kind":"plain","optional":true,"computed":true},"id":{"type":"string","description_kind":"plain","optional":true,"computed":true},"link":{"type":["list",["object",{"href":"string","rel":"string","type":"string"}]],"description_kind":"plain","computed":true},"name":{"type":"string","description":"Network Condition name","description_kind":"markdown","optional":true,"computed":true}},"block_types":{"conditions":{"nesting_mode":"list","block":{"attributes":{"cli_dnis_list":{"type":["list","string"],"description":"\u003cp\u003eThis field should contain a Caller ID (CLI), comma, and Called ID (DNIS).\u003cbr\u003e Line format -  Caller ID (CLI), Called ID (DNIS)\u003c/p\u003e","description_kind":"markdown","optional":true,"computed":true},"device_group_list":{"type":["list","string"],"description":"\u003cp\u003eThis field should contain a tuple with NDG Root, comma, and an NDG (that it under the root).\u003cbr\u003e Line format - NDG Root Name, NDG, Port\u003c/p\u003e","description_kind":"markdown","optional":true,"computed":true},"device_list":{"type":["list","string"],"description":"\u003cp\u003eThis field should contain Device-Name,port-number. The device name must be the same as the name field in a Network Device object.\u003cbr\u003e Line format - Device Name,Port\u003c/p\u003e","description_kind":"markdown","optional":true,"computed":true},"ip_addr_list":{"type":["list","string"],"description":"\u003cp\u003eThis field should contain IP-address-or-subnet,port number\u003cbr\u003e IP address can be IPV4 format (n.n.n.n) or IPV6 format (n:n:n:n:n:n:n:n).\u003cbr\u003e IP subnet can be IPV4 format (n.n.n.n/m) or IPV6 format (n:n:n:n:n:n:n:n/m).\u003cbr\u003e Line format - IP Address or subnet,Port\u003c/p\u003e","description_kind":"markdown","optional":true,"computed":true},"mac_addr_list":{"type":["list","string"],"description":"\u003cp\u003eThis field should contain Endstation MAC address, comma, and Destination MAC addresses.\u003cbr\u003e Each Max address must include twelve hexadecimal digits using formats nn:nn:nn:nn:nn:nn or nn-nn-nn-nn-nn-nn or nnnn.nnnn.nnnn or nnnnnnnnnnnn.\u003cbr\u003e Line format - Endstation MAC,Destination MAC \u003c/p\u003e","description_kind":"markdown","optional":true,"computed":true}},"description_kind":"plain"}}},"description_kind":"plain"}}},"description":"It manages create, read, update and delete operations on Network Access - Network Conditions.\n\n- Network Access Creates network condition.\n\n- Network Access Update network condition.\n\n- Network Access Delete network condition.\n","description_kind":"markdown"}},"ciscoise_network_access_policy_set":{"version":0,"block":{"attributes":{"id":{"type":"string","description_kind":"plain","optional":true,"computed":true},"last_updated":{"type":"string","description_kind":"plain","computed":true}},"block_types":{"item":{"nesting_mode":"list","block":{"attributes":{"default":{"type":"string","description":"Flag which indicates if this policy set is the default one","description_kind":"markdown","optional":true,"computed":true},"description":{"type":"string","description":"The description for the policy set","description_kind":"markdown","optional":true,"computed":true},"hit_counts":{"type":"number","description":"The amount of times the policy was matched","description_kind":"markdown","optional":true,"computed":true},"id":{"type":"string","description":"Identifier for the policy set","description_kind":"markdown","optional":true,"computed":true},"is_proxy":{"type":"string","description":"Flag which indicates if the policy set service is of type 'Proxy Sequence' or 'Allowed Protocols'","description_kind":"markdown","optional":true,"computed":true},"link":{"type":["list",["object",{"href":"string","rel":"string","type":"string"}]],"description_kind":"plain","computed":true},"name":{"type":"string","description":"Given name for the policy set, [Valid characters are alphanumerics, underscore, hyphen, space, period, parentheses]","description_kind":"markdown","optional":true,"computed":true},"rank":{"type":"number","description":"The rank(priority) in relation to other policy set. Lower rank is higher priority.","description_kind":"markdown","optional":true,"computed":true},"service_name":{"type":"string","description":"Policy set service identifier - Allowed Protocols,Server Sequence..","description_kind":"markdown","optional":true,"computed":true},"state":{"type":"string","description":"The state that the policy set is in. A disabled policy set cannot be matched.","description_kind":"markdown","optional":true,"computed":true}},"block_types":{"condition":{"nesting_mode":"list","block":{"attributes":{"attribute_id":{"type":"string","description":"Dictionary attribute id (Optional), used for additional verification","description_kind":"markdown","optional":true,"computed":true},"attribute_name":{"type":"string","description":"Dictionary attribute name","description_kind":"markdown","optional":true,"computed":true},"attribute_value":{"type":"string","description":"\u003cul\u003e\u003cli\u003eAttribute value for condition\u003c/li\u003e \u003cli\u003eValue type is specified in dictionary object\u003c/li\u003e \u003cli\u003eif multiple values allowed is specified in dictionary object\u003c/li\u003e\u003c/ul\u003e","description_kind":"markdown","optional":true,"computed":true},"condition_type":{"type":"string","description":"\u003cul\u003e\u003cli\u003eInidicates whether the record is the condition itself(data) or a logical(or,and) aggregation\u003c/li\u003e \u003cli\u003eData type enum(reference,single) indicates than \"conditonId\" OR \"ConditionAttrs\" fields should contain condition data but not both\u003c/li\u003e \u003cli\u003eLogical aggreation(and,or) enum indicates that additional conditions are present under the children field\u003c/li\u003e\u003c/ul\u003e","description_kind":"markdown","optional":true,"computed":true},"description":{"type":"string","description":"Condition description","description_kind":"markdown","optional":true,"computed":true},"dictionary_name":{"type":"string","description":"Dictionary name","description_kind":"markdown","optional":true,"computed":true},"dictionary_value":{"type":"string","description":"Dictionary value","description_kind":"markdown","optional":true,"computed":true},"id":{"type":"string","description_kind":"plain","optional":true,"computed":true},"is_negate":{"type":"string","description":"Indicates whereas this condition is in negate mode","description_kind":"markdown","optional":true,"computed":true},"link":{"type":["list",["object",{"href":"string","rel":"string","type":"string"}]],"description_kind":"plain","computed":true},"name":{"type":"string","description":"Condition name","description_kind":"markdown","optional":true,"computed":true},"operator":{"type":"string","description":"Equality operator","description_kind":"markdown","optional":true,"computed":true},"week_days":{"type":["list","string"],"description":"\u003cp\u003eDefines for which days this condition will be matched\u003cbr\u003e Days format - Arrays of WeekDay enums \u003cbr\u003e Default - List of All week days\u003c/p\u003e","description_kind":"markdown","optional":true,"computed":true},"week_days_exception":{"type":["list","string"],"description":"\u003cp\u003eDefines for which days this condition will NOT be matched\u003cbr\u003e Days format - Arrays of WeekDay enums \u003cbr\u003e Default - Not enabled\u003c/p\u003e","description_kind":"markdown","optional":true,"computed":true}},"block_types":{"children":{"nesting_mode":"list","block":{"attributes":{"condition_type":{"type":"string","description":"\u003cul\u003e\u003cli\u003eInidicates whether the record is the condition itself(data) or a logical(or,and) aggregation\u003c/li\u003e \u003cli\u003eData type enum(reference,single) indicates than \"conditonId\" OR \"ConditionAttrs\" fields should contain condition data but not both\u003c/li\u003e \u003cli\u003eLogical aggreation(and,or) enum indicates that additional conditions are present under the children field\u003c/li\u003e\u003c/ul\u003e","description_kind":"markdown","optional":true,"computed":true},"is_negate":{"type":"string","description":"Indicates whereas this condition is in negate mode","description_kind":"markdown","optional":true,"computed":true},"link":{"type":["list",["object",{"href":"string","rel":"string","type":"string"}]],"description_kind":"plain","computed":true}},"description":"In case type is andBlock or orBlock addtional conditions will be aggregated under this logical (OR/AND) condition","description_kind":"markdown"}},"dates_range":{"nesting_mode":"list","block":{"attributes":{"end_date":{"type":"string","description_kind":"plain","optional":true,"computed":true},"start_date":{"type":"string","description_kind":"plain","optional":true,"computed":true}},"description":"\u003cp\u003eDefines for which date/s TimeAndDate condition will be matched or NOT matched if used in exceptionDates prooperty\u003cbr\u003e Options are - Date range, for specific date, the same date should be used for start/end date \u003cbr\u003e Default - no specific dates\u003cbr\u003e In order to reset the dates to have no specific dates Date format - yyyy-mm-dd (MM = month, dd = day, yyyy = year)\u003c/p\u003e","description_kind":"markdown"}},"dates_range_exception":{"nesting_mode":"list","block":{"attributes":{"end_date":{"type":"string","description_kind":"plain","optional":true,"computed":true},"start_date":{"type":"string","description_kind":"plain","optional":true,"computed":true}},"description":"\u003cp\u003eDefines for which date/s TimeAndDate condition will be matched or NOT matched if used in exceptionDates prooperty\u003cbr\u003e Options are - Date range, for specific date, the same date should be used for start/end date \u003cbr\u003e Default - no specific dates\u003cbr\u003e In order to reset the dates to have no specific dates Date format - yyyy-mm-dd (MM = month, dd = day, yyyy = year)\u003c/p\u003e","description_kind":"markdown"}},"hours_range":{"nesting_mode":"list","block":{"attributes":{"end_time":{"type":"string","description_kind":"plain","optional":true,"computed":true},"start_time":{"type":"string","description_kind":"plain","optional":true,"computed":true}},"description":"\u003cp\u003eDefines for which hours a TimeAndDate condition will be matched or not matched if used in exceptionHours property\u003cbr\u003e Time foramt - hh:mm  ( h = hour , mm = minutes ) \u003cbr\u003e Default - All Day \u003c/p\u003e","description_kind":"markdown"}},"hours_range_exception":{"nesting_mode":"list","block":{"attributes":{"end_time":{"type":"string","description_kind":"plain","optional":true,"computed":true},"start_time":{"type":"string","description_kind":"plain","optional":true,"computed":true}},"description":"\u003cp\u003eDefines for which hours a TimeAndDate condition will be matched or not matched if used in exceptionHours property\u003cbr\u003e Time foramt - hh:mm  ( h = hour , mm = minutes ) \u003cbr\u003e Default - All Day \u003c/p\u003e","description_kind":"markdown"}}},"description_kind":"plain"}}},"description_kind":"plain"}}},"description":"It manages create, read, update and delete operations on Network Access - Policy Set.\n\n- Network Access Create a new policy set:\n\n\n\n Policy must include name , service identifier (either server sequence or allowed protocol) and a condition.\n\n\n Condition has hierarchical structure which define a set of condition for which policy could be match.\n\n\n Condition can be either reference to a stored Library condition, using model\nConditionReference\n,\nor, dynamically built conditions which are not stored in the conditions Library, using models\nConditionAttributes, ConditionAndBlock, ConditionOrBlock\n.\n\n\n\n\n- Network Access Update a policy set.\n\n- Network Access Delete a policy set.\n","description_kind":"markdown"}},"ciscoise_network_access_time_date_conditions":{"version":0,"block":{"attributes":{"id":{"type":"string","description_kind":"plain","optional":true,"computed":true},"last_updated":{"type":"string","description_kind":"plain","computed":true}},"block_types":{"item":{"nesting_mode":"list","block":{"attributes":{"attribute_id":{"type":"string","description":"Dictionary attribute id (Optional), used for additional verification","description_kind":"markdown","optional":true,"computed":true},"attribute_name":{"type":"string","description":"Dictionary attribute name","description_kind":"markdown","optional":true,"computed":true},"attribute_value":{"type":"string","description":"\u003cul\u003e\u003cli\u003eAttribute value for condition\u003c/li\u003e \u003cli\u003eValue type is specified in dictionary object\u003c/li\u003e \u003cli\u003eif multiple values allowed is specified in dictionary object\u003c/li\u003e\u003c/ul\u003e","description_kind":"markdown","optional":true,"computed":true},"condition_type":{"type":"string","description":"\u003cul\u003e\u003cli\u003eInidicates whether the record is the condition itself(data) or a logical(or,and) aggregation\u003c/li\u003e \u003cli\u003eData type enum(reference,single) indicates than \"conditonId\" OR \"ConditionAttrs\" fields should contain condition data but not both\u003c/li\u003e \u003cli\u003eLogical aggreation(and,or) enum indicates that additional conditions are present under the children field\u003c/li\u003e\u003c/ul\u003e","description_kind":"markdown","optional":true,"computed":true},"description":{"type":"string","description":"Condition description","description_kind":"markdown","optional":true,"computed":true},"dictionary_name":{"type":"string","description":"Dictionary name","description_kind":"markdown","optional":true,"computed":true},"dictionary_value":{"type":"string","description":"Dictionary value","description_kind":"markdown","optional":true,"computed":true},"id":{"type":"string","description_kind":"plain","optional":true,"computed":true},"is_negate":{"type":"string","description":"Indicates whereas this condition is in negate mode","description_kind":"markdown","optional":true,"computed":true},"link":{"type":["list",["object",{"href":"string","rel":"string","type":"string"}]],"description_kind":"plain","computed":true},"name":{"type":"string","description":"Condition name","description_kind":"markdown","optional":true,"computed":true},"operator":{"type":"string","description":"Equality operator","description_kind":"markdown","optional":true,"computed":true},"week_days":{"type":["list","string"],"description":"\u003cp\u003eDefines for which days this condition will be matched\u003cbr\u003e Days format - Arrays of WeekDay enums \u003cbr\u003e Default - List of All week days\u003c/p\u003e","description_kind":"markdown","optional":true,"computed":true},"week_days_exception":{"type":["list","string"],"description":"\u003cp\u003eDefines for which days this condition will NOT be matched\u003cbr\u003e Days format - Arrays of WeekDay enums \u003cbr\u003e Default - Not enabled\u003c/p\u003e","description_kind":"markdown","optional":true,"computed":true}},"block_types":{"children":{"nesting_mode":"list","block":{"attributes":{"condition_type":{"type":"string","description":"\u003cul\u003e\u003cli\u003eInidicates whether the record is the condition itself(data) or a logical(or,and) aggregation\u003c/li\u003e \u003cli\u003eData type enum(reference,single) indicates than \"conditonId\" OR \"ConditionAttrs\" fields should contain condition data but not both\u003c/li\u003e \u003cli\u003eLogical aggreation(and,or) enum indicates that additional conditions are present under the children field\u003c/li\u003e\u003c/ul\u003e","description_kind":"markdown","optional":true,"computed":true},"is_negate":{"type":"string","description":"Indicates whereas this condition is in negate mode","description_kind":"markdown","optional":true,"computed":true},"link":{"type":["list",["object",{"href":"string","rel":"string","type":"string"}]],"description_kind":"plain","computed":true}},"description":"In case type is andBlock or orBlock addtional conditions will be aggregated under this logical (OR/AND) condition","description_kind":"markdown"}},"dates_range":{"nesting_mode":"list","block":{"attributes":{"end_date":{"type":"string","description_kind":"plain","optional":true,"computed":true},"start_date":{"type":"string","description_kind":"plain","optional":true,"computed":true}},"description":"\u003cp\u003eDefines for which date/s TimeAndDate condition will be matched or NOT matched if used in exceptionDates prooperty\u003cbr\u003e Options are - Date range, for specific date, the same date should be used for start/end date \u003cbr\u003e Default - no specific dates\u003cbr\u003e In order to reset the dates to have no specific dates Date format - yyyy-mm-dd (MM = month, dd = day, yyyy = year)\u003c/p\u003e","description_kind":"markdown"}},"dates_range_exception":{"nesting_mode":"list","block":{"attributes":{"end_date":{"type":"string","description_kind":"plain","optional":true,"computed":true},"start_date":{"type":"string","description_kind":"plain","optional":true,"computed":true}},"description":"\u003cp\u003eDefines for which date/s TimeAndDate condition will be matched or NOT matched if used in exceptionDates prooperty\u003cbr\u003e Options are - Date range, for specific date, the same date should be used for start/end date \u003cbr\u003e Default - no specific dates\u003cbr\u003e In order to reset the dates to have no specific dates Date format - yyyy-mm-dd (MM = month, dd = day, yyyy = year)\u003c/p\u003e","description_kind":"markdown"}},"hours_range":{"nesting_mode":"list","block":{"attributes":{"end_time":{"type":"string","description_kind":"plain","optional":true,"computed":true},"start_time":{"type":"string","description_kind":"plain","optional":true,"computed":true}},"description":"\u003cp\u003eDefines for which hours a TimeAndDate condition will be matched or not matched if used in exceptionHours property\u003cbr\u003e Time foramt - hh:mm  ( h = hour , mm = minutes ) \u003cbr\u003e Default - All Day \u003c/p\u003e","description_kind":"markdown"}},"hours_range_exception":{"nesting_mode":"list","block":{"attributes":{"end_time":{"type":"string","description_kind":"plain","optional":true,"computed":true},"start_time":{"type":"string","description_kind":"plain","optional":true,"computed":true}},"description":"\u003cp\u003eDefines for which hours a TimeAndDate condition will be matched or not matched if used in exceptionHours property\u003cbr\u003e Time foramt - hh:mm  ( h = hour , mm = minutes ) \u003cbr\u003e Default - All Day \u003c/p\u003e","description_kind":"markdown"}}},"description_kind":"plain"}}},"description":"It manages create, read, update and delete operations on Network Access - Time/Date Conditions.\n\n- Network Access Creates time/date condition\n\n- Network Access Update network condition\n\n- Network Access Delete Time/Date condition.\n","description_kind":"markdown"}},"ciscoise_network_device":{"version":0,"block":{"attributes":{"id":{"type":"string","description_kind":"plain","optional":true,"computed":true},"last_updated":{"type":"string","description_kind":"plain","computed":true}},"block_types":{"item":{"nesting_mode":"list","block":{"attributes":{"coa_port":{"type":"number","description_kind":"plain","optional":true,"computed":true},"description":{"type":"string","description_kind":"plain","optional":true,"computed":true},"dtls_dns_name":{"type":"string","description":"This value is used to verify the client identity contained in the X.509 RADIUS/DTLS client certificate","description_kind":"markdown","optional":true,"computed":true},"id":{"type":"string","description_kind":"plain","optional":true,"computed":true},"link":{"type":["list",["object",{"href":"string","rel":"string","type":"string"}]],"description_kind":"plain","computed":true},"model_name":{"type":"string","description_kind":"plain","optional":true,"computed":true},"name":{"type":"string","description_kind":"plain","optional":true,"computed":true},"network_device_group_list":{"type":["list","string"],"description":"List of Network Device Group names for this node","description_kind":"markdown","optional":true,"computed":true},"profile_name":{"type":"string","description_kind":"plain","optional":true,"computed":true},"software_version":{"type":"string","description_kind":"plain","optional":true,"computed":true}},"block_types":{"authentication_settings":{"nesting_mode":"list","block":{"attributes":{"dtls_required":{"type":"string","description":"This value enforces use of dtls","description_kind":"markdown","optional":true,"computed":true},"enable_key_wrap":{"type":"string","description_kind":"plain","optional":true,"computed":true},"enable_multi_secret":{"type":"string","description_kind":"plain","optional":true,"computed":true},"enabled":{"type":"string","description_kind":"plain","optional":true,"computed":true},"key_encryption_key":{"type":"string","description_kind":"plain","optional":true,"computed":true},"key_input_format":{"type":"string","description":"Allowed values:\n- ASCII,\n- HEXADECIMAL","description_kind":"markdown","optional":true,"computed":true},"message_authenticator_code_key":{"type":"string","description_kind":"plain","optional":true,"computed":true},"network_protocol":{"type":"string","description":"Allowed values:\n- RADIUS,\n- TACACS_PLUS","description_kind":"markdown","optional":true,"computed":true},"radius_shared_secret":{"type":"string","description_kind":"plain","optional":true,"computed":true},"second_radius_shared_secret":{"type":"string","description_kind":"plain","optional":true,"computed":true}},"description_kind":"plain"}},"network_device_iplist":{"nesting_mode":"list","block":{"attributes":{"get_ipaddress_exclude":{"type":"string","description":"It can be either single IP address or IP range address","description_kind":"markdown","optional":true,"computed":true},"ipaddress":{"type":"string","description_kind":"plain","optional":true,"computed":true},"mask":{"type":"number","description_kind":"plain","optional":true,"computed":true}},"description":"List of IP Subnets for this node","description_kind":"markdown"}},"snmpsettings":{"nesting_mode":"list","block":{"attributes":{"link_trap_query":{"type":"string","description_kind":"plain","optional":true,"computed":true},"mac_trap_query":{"type":"string","description_kind":"plain","optional":true,"computed":true},"originating_policy_services_node":{"type":"string","description_kind":"plain","optional":true,"computed":true},"polling_interval":{"type":"number","description_kind":"plain","optional":true,"computed":true},"ro_community":{"type":"string","description_kind":"plain","optional":true,"computed":true},"version":{"type":"string","description_kind":"plain","optional":true,"computed":true}},"description_kind":"plain"}},"tacacs_settings":{"nesting_mode":"list","block":{"attributes":{"connect_mode_options":{"type":"string","description":"Allowed values:\n- OFF,\n- ON_LEGACY,\n- ON_DRAFT_COMPLIANT","description_kind":"markdown","optional":true,"computed":true},"shared_secret":{"type":"string","description_kind":"plain","optional":true,"computed":true}},"description_kind":"plain"}},"trustsecsettings":{"nesting_mode":"list","block":{"attributes":{"push_id_support":{"type":"string","description_kind":"plain","optional":true,"computed":true}},"block_types":{"device_authentication_settings":{"nesting_mode":"list","block":{"attributes":{"sga_device_id":{"type":"string","description_kind":"plain","optional":true,"computed":true},"sga_device_password":{"type":"string","description_kind":"plain","optional":true,"computed":true}},"description_kind":"plain"}},"device_configuration_deployment":{"nesting_mode":"list","block":{"attributes":{"enable_mode_password":{"type":"string","description_kind":"plain","optional":true,"computed":true},"exec_mode_password":{"type":"string","description_kind":"plain","optional":true,"computed":true},"exec_mode_username":{"type":"string","description_kind":"plain","optional":true,"computed":true},"include_when_deploying_sgt_updates":{"type":"string","description_kind":"plain","optional":true,"computed":true}},"description_kind":"plain"}},"sga_notification_and_updates":{"nesting_mode":"list","block":{"attributes":{"coa_source_host":{"type":"string","description_kind":"plain","optional":true,"computed":true},"downlaod_environment_data_every_x_seconds":{"type":"number","description_kind":"plain","optional":true,"computed":true},"downlaod_peer_authorization_policy_every_x_seconds":{"type":"number","description_kind":"plain","optional":true,"computed":true},"download_sga_cllists_every_x_seconds":{"type":"number","description_kind":"plain","optional":true,"computed":true},"other_sga_devices_to_trust_this_device":{"type":"string","description_kind":"plain","optional":true,"computed":true},"re_authentication_every_x_seconds":{"type":"number","description_kind":"plain","optional":true,"computed":true},"send_configuration_to_device":{"type":"string","description_kind":"plain","optional":true,"computed":true},"send_configuration_to_device_using":{"type":"string","description":"Allowed values:\n- ENABLE_USING_COA,\n- ENABLE_USING_CLI,\n- DISABLE_ALL","description_kind":"markdown","optional":true,"computed":true}},"description_kind":"plain"}}},"description_kind":"plain"}}},"description_kind":"plain"}}},"description":"It manages create, read, update and delete operations on NetworkDevice.\n\n- This resource allows the client to update a network device by name.\n\n- This resource deletes a network device by name.\n\n- This resource allows the client to update a network device by ID.\n\n- This resource deletes a network device by ID.\n\n- This resource creates a network device.\n","description_kind":"markdown"}},"ciscoise_network_device_group":{"version":0,"block":{"attributes":{"id":{"type":"string","description_kind":"plain","optional":true,"computed":true},"last_updated":{"type":"string","description_kind":"plain","computed":true}},"block_types":{"item":{"nesting_mode":"list","block":{"attributes":{"description":{"type":"string","description_kind":"plain","optional":true,"computed":true},"id":{"type":"string","description_kind":"plain","optional":true,"computed":true},"link":{"type":["list",["object",{"href":"string","rel":"string","type":"string"}]],"description_kind":"plain","computed":true},"name":{"type":"string","description_kind":"plain","optional":true,"computed":true},"othername":{"type":"string","description_kind":"plain","optional":true,"computed":true}},"description_kind":"plain"}}},"description":"It manages create, read, update and delete operations on NetworkDeviceGroup.\n\n- This resource allows the client to update a network device group.\n\n- This resource deletes a network device group.\n\n- This resource creates a network device group.\n","description_kind":"markdown"}},"ciscoise_node_deployment":{"version":0,"block":{"attributes":{"id":{"type":"string","description_kind":"plain","optional":true,"computed":true},"last_updated":{"type":"string","description_kind":"plain","computed":true}},"block_types":{"item":{"nesting_mode":"list","block":{"attributes":{"fdqn":{"type":"string","description_kind":"plain","optional":true},"fqdn":{"type":"string","description_kind":"plain","computed":true},"hostname":{"type":"string","description_kind":"plain","computed":true},"ip_address":{"type":"string","description_kind":"plain","computed":true},"node_type":{"type":"string","description_kind":"plain","computed":true},"password":{"type":"string","description_kind":"plain","optional":true,"sensitive":true},"profiling_configuration":{"type":["list",["object",{"active_directory":["list",["object",{"days_before_rescan":"number","description":"string","enabled":"string"}]],"dhcp":["list",["object",{"description":"string","enabled":"string","interface":"string","port":"number"}]],"dhcp_span":["list",["object",{"description":"string","enabled":"string","interface":"string"}]],"dns":["list",["object",{"description":"string","enabled":"string"}]],"http":["list",["object",{"description":"string","enabled":"string","interface":"string"}]],"netflow":["list",["object",{"description":"string","enabled":"string","interface":"string","port":"number"}]],"nmap":["list",["object",{"description":"string","enabled":"string"}]],"pxgrid":["list",["object",{"description":"string","enabled":"string"}]],"radius":["list",["object",{"description":"string","enabled":"string"}]],"snmp_query":["list",["object",{"description":"string","enabled":"string","event_timeout":"number","retries":"number","timeout":"number"}]],"snmp_trap":["list",["object",{"description":"string","interface":"string","link_trap_query":"string","mac_trap_query":"string","port":"number"}]]}]],"description_kind":"plain","computed":true},"user_name":{"type":"string","description_kind":"plain","optional":true}},"block_types":{"administration":{"nesting_mode":"list","block":{"attributes":{"is_enabled":{"type":"string","description_kind":"plain","optional":true,"computed":true},"role":{"type":"string","description_kind":"plain","optional":true,"computed":true}},"description_kind":"plain"}},"general_settings":{"nesting_mode":"list","block":{"block_types":{"monitoring":{"nesting_mode":"list","block":{"attributes":{"enable_pxgrid":{"type":"string","description_kind":"plain","optional":true,"computed":true},"is_enabled":{"type":"string","description_kind":"plain","optional":true,"computed":true},"is_mnt_dedicated":{"type":"string","description_kind":"plain","optional":true,"computed":true},"other_monitoring_node":{"type":"string","description_kind":"plain","optional":true,"computed":true},"role":{"type":"string","description_kind":"plain","optional":true,"computed":true}},"block_types":{"policyservice":{"nesting_mode":"list","block":{"attributes":{"enable_device_admin_service":{"type":"string","description_kind":"plain","optional":true,"computed":true},"enable_nac_service":{"type":"string","description_kind":"plain","optional":true,"computed":true},"enable_passive_identity_service":{"type":"string","description_kind":"plain","optional":true,"computed":true},"enable_profiling_service":{"type":"string","description_kind":"plain","optional":true,"computed":true},"enabled":{"type":"string","description_kind":"plain","optional":true,"computed":true}},"block_types":{"session_service":{"nesting_mode":"list","block":{"attributes":{"is_enabled":{"type":"string","description_kind":"plain","optional":true,"computed":true},"nodegroup":{"type":"string","description_kind":"plain","optional":true,"computed":true}},"description_kind":"plain"}},"sxpservice":{"nesting_mode":"list","block":{"attributes":{"is_enabled":{"type":"string","description_kind":"plain","optional":true,"computed":true},"user_interface":{"type":"string","description_kind":"plain","optional":true,"computed":true}},"description_kind":"plain"}}},"description_kind":"plain"}}},"description_kind":"plain"}}},"description_kind":"plain"}},"profile_configuration":{"nesting_mode":"list","block":{"block_types":{"active_directory":{"nesting_mode":"list","block":{"attributes":{"days_before_rescan":{"type":"number","description_kind":"plain","optional":true},"description":{"type":"string","description_kind":"plain","optional":true},"enabled":{"type":"string","description_kind":"plain","optional":true}},"description_kind":"plain"},"max_items":1},"dhcp":{"nesting_mode":"list","block":{"attributes":{"description":{"type":"string","description_kind":"plain","optional":true},"enabled":{"type":"string","description_kind":"plain","optional":true},"interface":{"type":"string","description_kind":"plain","optional":true},"port":{"type":"number","description_kind":"plain","optional":true}},"description_kind":"plain"},"max_items":1},"dhcp_span":{"nesting_mode":"list","block":{"attributes":{"description":{"type":"string","description_kind":"plain","optional":true},"enabled":{"type":"string","description_kind":"plain","optional":true},"interface":{"type":"string","description_kind":"plain","optional":true}},"description_kind":"plain"},"max_items":1},"dns":{"nesting_mode":"list","block":{"attributes":{"description":{"type":"string","description_kind":"plain","optional":true},"enabled":{"type":"string","description_kind":"plain","optional":true}},"description_kind":"plain"},"max_items":1},"http":{"nesting_mode":"list","block":{"attributes":{"description":{"type":"string","description_kind":"plain","optional":true},"enabled":{"type":"string","description_kind":"plain","optional":true},"interface":{"type":"string","description_kind":"plain","optional":true}},"description_kind":"plain"},"max_items":1},"netflow":{"nesting_mode":"list","block":{"attributes":{"description":{"type":"string","description_kind":"plain","optional":true},"enabled":{"type":"string","description_kind":"plain","optional":true},"interface":{"type":"string","description_kind":"plain","optional":true},"port":{"type":"number","description_kind":"plain","optional":true}},"description_kind":"plain"},"max_items":1},"nmap":{"nesting_mode":"list","block":{"attributes":{"description":{"type":"string","description_kind":"plain","optional":true},"enabled":{"type":"string","description_kind":"plain","optional":true}},"description_kind":"plain"},"max_items":1},"pxgrid":{"nesting_mode":"list","block":{"attributes":{"description":{"type":"string","description_kind":"plain","optional":true},"enabled":{"type":"string","description_kind":"plain","optional":true}},"description_kind":"plain"},"max_items":1},"radius":{"nesting_mode":"list","block":{"attributes":{"description":{"type":"string","description_kind":"plain","optional":true},"enabled":{"type":"string","description_kind":"plain","optional":true}},"description_kind":"plain"},"max_items":1},"snmp_query":{"nesting_mode":"list","block":{"attributes":{"description":{"type":"string","description_kind":"plain","optional":true},"enabled":{"type":"string","description_kind":"plain","optional":true},"event_timeout":{"type":"number","description_kind":"plain","optional":true},"retries":{"type":"number","description_kind":"plain","optional":true},"timeout":{"type":"number","description_kind":"plain","optional":true}},"description_kind":"plain"},"max_items":1},"snmp_trap":{"nesting_mode":"list","block":{"attributes":{"description":{"type":"string","description_kind":"plain","optional":true},"interface":{"type":"string","description_kind":"plain","optional":true},"link_trap_query":{"type":"string","description_kind":"plain","optional":true},"mac_trap_query":{"type":"string","description_kind":"plain","optional":true},"port":{"type":"number","description_kind":"plain","optional":true}},"description_kind":"plain"},"max_items":1}},"description_kind":"plain"},"max_items":1},"response":{"nesting_mode":"list","block":{"block_types":{"general_settings":{"nesting_mode":"list","block":{"block_types":{"monitoring":{"nesting_mode":"list","block":{"attributes":{"enable_pxgrid":{"type":"string","description_kind":"plain","optional":true},"is_enabled":{"type":"string","description_kind":"plain","optional":true},"is_mnt_dedicated":{"type":"string","description_kind":"plain","optional":true},"other_monitoring_node":{"type":"string","description_kind":"plain","optional":true},"role":{"type":"string","description_kind":"plain","optional":true}},"block_types":{"policyservice":{"nesting_mode":"list","block":{"attributes":{"enable_device_admin_service":{"type":"string","description_kind":"plain","optional":true},"enable_nac_service":{"type":"string","description_kind":"plain","optional":true},"enable_passive_identity_service":{"type":"string","description_kind":"plain","optional":true},"enable_profiling_service":{"type":"string","description_kind":"plain","optional":true},"enabled":{"type":"string","description_kind":"plain","optional":true}},"block_types":{"session_service":{"nesting_mode":"list","block":{"attributes":{"is_enabled":{"type":"string","description_kind":"plain","optional":true},"nodegroup":{"type":"string","description_kind":"plain","optional":true}},"description_kind":"plain"},"max_items":1},"sxpservice":{"nesting_mode":"list","block":{"attributes":{"is_enabled":{"type":"string","description_kind":"plain","optional":true},"user_interface":{"type":"string","description_kind":"plain","optional":true}},"description_kind":"plain"},"max_items":1}},"description_kind":"plain"},"max_items":1}},"description_kind":"plain"},"max_items":1}},"description_kind":"plain"},"max_items":1},"profile_configuration":{"nesting_mode":"list","block":{"block_types":{"active_directory":{"nesting_mode":"list","block":{"attributes":{"days_before_rescan":{"type":"number","description_kind":"plain","optional":true},"description":{"type":"string","description_kind":"plain","optional":true},"enabled":{"type":"string","description_kind":"plain","optional":true}},"description_kind":"plain"},"max_items":1},"dhcp":{"nesting_mode":"list","block":{"attributes":{"description":{"type":"string","description_kind":"plain","optional":true},"enabled":{"type":"string","description_kind":"plain","optional":true},"interface":{"type":"string","description_kind":"plain","optional":true},"port":{"type":"number","description_kind":"plain","optional":true}},"description_kind":"plain"},"max_items":1},"dhcp_span":{"nesting_mode":"list","block":{"attributes":{"description":{"type":"string","description_kind":"plain","optional":true},"enabled":{"type":"string","description_kind":"plain","optional":true},"interface":{"type":"string","description_kind":"plain","optional":true}},"description_kind":"plain"},"max_items":1},"dns":{"nesting_mode":"list","block":{"attributes":{"description":{"type":"string","description_kind":"plain","optional":true},"enabled":{"type":"string","description_kind":"plain","optional":true}},"description_kind":"plain"},"max_items":1},"http":{"nesting_mode":"list","block":{"attributes":{"description":{"type":"string","description_kind":"plain","optional":true},"enabled":{"type":"string","description_kind":"plain","optional":true},"interface":{"type":"string","description_kind":"plain","optional":true}},"description_kind":"plain"},"max_items":1},"netflow":{"nesting_mode":"list","block":{"attributes":{"description":{"type":"string","description_kind":"plain","optional":true},"enabled":{"type":"string","description_kind":"plain","optional":true},"interface":{"type":"string","description_kind":"plain","optional":true},"port":{"type":"number","description_kind":"plain","optional":true}},"description_kind":"plain"},"max_items":1},"nmap":{"nesting_mode":"list","block":{"attributes":{"description":{"type":"string","description_kind":"plain","optional":true},"enabled":{"type":"string","description_kind":"plain","optional":true}},"description_kind":"plain"},"max_items":1},"pxgrid":{"nesting_mode":"list","block":{"attributes":{"description":{"type":"string","description_kind":"plain","optional":true},"enabled":{"type":"string","description_kind":"plain","optional":true}},"description_kind":"plain"},"max_items":1},"radius":{"nesting_mode":"list","block":{"attributes":{"description":{"type":"string","description_kind":"plain","optional":true},"enabled":{"type":"string","description_kind":"plain","optional":true}},"description_kind":"plain"},"max_items":1},"snmp_query":{"nesting_mode":"list","block":{"attributes":{"description":{"type":"string","description_kind":"plain","optional":true},"enabled":{"type":"string","description_kind":"plain","optional":true},"event_timeout":{"type":"number","description_kind":"plain","optional":true},"retries":{"type":"number","description_kind":"plain","optional":true},"timeout":{"type":"number","description_kind":"plain","optional":true}},"description_kind":"plain"},"max_items":1},"snmp_trap":{"nesting_mode":"list","block":{"attributes":{"description":{"type":"string","description_kind":"plain","optional":true},"interface":{"type":"string","description_kind":"plain","optional":true},"link_trap_query":{"type":"string","description_kind":"plain","optional":true},"mac_trap_query":{"type":"string","description_kind":"plain","optional":true},"port":{"type":"number","description_kind":"plain","optional":true}},"description_kind":"plain"},"max_items":1}},"description_kind":"plain"},"max_items":1}},"description_kind":"plain"},"max_items":1}},"description_kind":"plain"}}},"description":"It manages create, read, update and delete operations on Node Deployment.\n\n- Register ISE node to form a multi-node deployment\n\n- Updates the deployed ISE node with the information provided\n\n- The de-register ednode becomes a standalone Cisco ISE node.\nIt retains the last configuration that it received rom the PrimaryPAN and assumes the default personas of a standalone\nnode\nthat are Administration, PolicyService, and Monitoring.\n","description_kind":"markdown"}},"ciscoise_node_group":{"version":0,"block":{"attributes":{"id":{"type":"string","description_kind":"plain","optional":true,"computed":true},"last_updated":{"type":"string","description_kind":"plain","computed":true}},"block_types":{"item":{"nesting_mode":"list","block":{"attributes":{"description":{"type":"string","description_kind":"plain","optional":true,"computed":true},"name":{"type":"string","description_kind":"plain","computed":true},"node_group_name":{"type":"string","description":"node-group-name path parameter. ID of the existing node group.","description_kind":"markdown","optional":true}},"block_types":{"mar_cache":{"nesting_mode":"list","block":{"attributes":{"enabled":{"type":"string","description_kind":"plain","optional":true,"computed":true},"query_attempts":{"type":"number","description_kind":"plain","optional":true,"computed":true},"query_timeout":{"type":"number","description_kind":"plain","optional":true,"computed":true},"replication_attempts":{"type":"number","description_kind":"plain","optional":true,"computed":true},"replication_timeout":{"type":"number","description_kind":"plain","optional":true,"computed":true}},"description_kind":"plain"}}},"description_kind":"plain"}}},"description":"It manages create, read, update and delete operations on Node Group.\n\n- Developers need to create node group in the system.Node Group is a group of PSNs, mainly used for terminating posture\npending sessions when a PSN in local node group fails.Node group members can communicate over TCP/7800.\n\n- API updates an existing node group in the system.\n\n- Developers need to delete node group in the system.\n","description_kind":"markdown"}},"ciscoise_pan_ha":{"version":0,"block":{"attributes":{"id":{"type":"string","description_kind":"plain","optional":true,"computed":true},"last_updated":{"type":"string","description_kind":"plain","computed":true}},"block_types":{"item":{"nesting_mode":"list","block":{"attributes":{"failed_attempts":{"type":"number","description_kind":"plain","optional":true},"is_enabled":{"type":"string","description_kind":"plain","optional":true},"polling_interval":{"type":"number","description_kind":"plain","optional":true},"primary_health_check_node":{"type":"string","description_kind":"plain","optional":true},"secondary_health_check_node":{"type":"string","description_kind":"plain","optional":true}},"description_kind":"plain"}}},"description":"It manages create, read and delete operations on PAN HA.\n\n- To deploy the auto-failover feature, you must have at least three nodes, where two of the nodes assume the\nAdministration persona, and one node acts as the health check node. A health check node is a non-administration node and\ncan be a Policy Service, Monitoring, or pxGrid node, or a combination of these. If the PANs are in different data\ncenters, you must have a health check node for each PAN.\n\n- Disable the automatic PAN failover\n","description_kind":"markdown"}},"ciscoise_portal_global_setting":{"version":0,"block":{"attributes":{"id":{"type":"string","description_kind":"plain","optional":true,"computed":true},"last_updated":{"type":"string","description_kind":"plain","computed":true}},"block_types":{"item":{"nesting_mode":"list","block":{"attributes":{"customization":{"type":"string","description":"Allowed values:\n- HTML,\n- HTMLANDJAVASCRIPT","description_kind":"markdown","optional":true,"computed":true},"id":{"type":"string","description_kind":"plain","optional":true,"computed":true},"link":{"type":["list",["object",{"href":"string","rel":"string","type":"string"}]],"description_kind":"plain","computed":true}},"description_kind":"plain"}}},"description":"It manages read and update operations on PortalGlobalSetting.\n\n- This resource allows the client to update the portal global settings by id.\n","description_kind":"markdown"}},"ciscoise_portal_theme":{"version":0,"block":{"attributes":{"id":{"type":"string","description_kind":"plain","optional":true,"computed":true},"last_updated":{"type":"string","description_kind":"plain","computed":true}},"block_types":{"item":{"nesting_mode":"list","block":{"attributes":{"description":{"type":"string","description_kind":"plain","optional":true,"computed":true},"id":{"type":"string","description_kind":"plain","optional":true,"computed":true},"link":{"type":["list",["object",{"href":"string","rel":"string","type":"string"}]],"description_kind":"plain","computed":true},"name":{"type":"string","description_kind":"plain","optional":true,"computed":true},"theme_data":{"type":"string","description":"Portal Theme for all portals","description_kind":"markdown","optional":true,"computed":true}},"description_kind":"plain"}}},"description":"It manages create, read, update and delete operations on PortalTheme.\n\n- This resource allows the client to update a portal theme by ID.\n\n- This resource deletes a portal theme by ID.\n\n- This resource creates a portal theme.\n","description_kind":"markdown"}},"ciscoise_radius_server_sequence":{"version":0,"block":{"attributes":{"id":{"type":"string","description_kind":"plain","optional":true,"computed":true},"last_updated":{"type":"string","description_kind":"plain","computed":true}},"block_types":{"item":{"nesting_mode":"list","block":{"attributes":{"continue_authorz_policy":{"type":"string","description_kind":"plain","optional":true,"computed":true},"description":{"type":"string","description_kind":"plain","optional":true,"computed":true},"id":{"type":"string","description_kind":"plain","optional":true,"computed":true},"link":{"type":["list",["object",{"href":"string","rel":"string","type":"string"}]],"description_kind":"plain","computed":true},"local_accounting":{"type":"string","description_kind":"plain","optional":true,"computed":true},"name":{"type":"string","description_kind":"plain","optional":true,"computed":true},"prefix_separator":{"type":"string","description":"The prefixSeparator is required only if stripPrefix is true. The maximum length is 1 character","description_kind":"markdown","optional":true,"computed":true},"radius_server_list":{"type":["list","string"],"description_kind":"plain","optional":true,"computed":true},"remote_accounting":{"type":"string","description_kind":"plain","optional":true,"computed":true},"strip_prefix":{"type":"string","description_kind":"plain","optional":true,"computed":true},"strip_suffix":{"type":"string","description_kind":"plain","optional":true,"computed":true},"suffix_separator":{"type":"string","description":"The suffixSeparator is required only if stripSuffix is true. The maximum length is 1 character","description_kind":"markdown","optional":true,"computed":true},"use_attr_set_before_acc":{"type":"string","description_kind":"plain","optional":true,"computed":true},"use_attr_set_on_request":{"type":"string","description_kind":"plain","optional":true,"computed":true}},"block_types":{"before_accept_attr_manipulators_list":{"nesting_mode":"list","block":{"attributes":{"action":{"type":"string","description":"Allowed Values:\n- ADD,\n- UPDATE,\n- REMOVE,\n- REMOVEANY","description_kind":"markdown","optional":true,"computed":true},"attribute_name":{"type":"string","description_kind":"plain","optional":true,"computed":true},"changed_val":{"type":"string","description":"The changedVal is required only if the action equals to 'UPDATE'","description_kind":"markdown","optional":true,"computed":true},"dictionary_name":{"type":"string","description_kind":"plain","optional":true,"computed":true},"value":{"type":"string","description_kind":"plain","optional":true,"computed":true}},"description":"The beforeAcceptAttrManipulators is required only if useAttrSetBeforeAcc is true","description_kind":"markdown"}},"on_request_attr_manipulator_list":{"nesting_mode":"list","block":{"attributes":{"action":{"type":"string","description":"Allowed Values:\n- ADD,\n- UPDATE,\n- REMOVE,\n- REMOVEANY","description_kind":"markdown","optional":true,"computed":true},"attribute_name":{"type":"string","description_kind":"plain","optional":true,"computed":true},"changed_val":{"type":"string","description":"The changedVal is required only if the action equals to 'UPDATE'","description_kind":"markdown","optional":true,"computed":true},"dictionary_name":{"type":"string","description_kind":"plain","optional":true,"computed":true},"value":{"type":"string","description_kind":"plain","optional":true,"computed":true}},"description":"The onRequestAttrManipulators is required only if useAttrSetOnRequest is true","description_kind":"markdown"}}},"description_kind":"plain"}}},"description":"It manages create, read, update and delete operations on RADIUSServerSequence.\n\n- This resource allows the client to update a RADIUS server sequence.\n\n- This resource deletes a RADIUS server sequence.\n\n- This resource creates a RADIUS server sequence.\n","description_kind":"markdown"}},"ciscoise_repository":{"version":0,"block":{"attributes":{"id":{"type":"string","description_kind":"plain","optional":true,"computed":true},"last_updated":{"type":"string","description_kind":"plain","computed":true}},"block_types":{"item":{"nesting_mode":"list","block":{"attributes":{"enable_pki":{"type":"string","description_kind":"plain","optional":true,"computed":true},"name":{"type":"string","description":"Repository name should be less than 80 characters and can contain alphanumeric, underscore, hyphen and dot characters.","description_kind":"markdown","optional":true,"computed":true},"password":{"type":"string","description":"Password can contain alphanumeric and/or special characters.","description_kind":"markdown","optional":true,"computed":true,"sensitive":true},"path":{"type":"string","description":"Path should always start with \"/\" and can contain alphanumeric, underscore, hyphen and dot characters.","description_kind":"markdown","optional":true,"computed":true},"protocol":{"type":"string","description_kind":"plain","optional":true,"computed":true},"server_name":{"type":"string","description_kind":"plain","optional":true,"computed":true},"user_name":{"type":"string","description":"Username can contain alphanumeric characters.","description_kind":"markdown","optional":true,"computed":true}},"description_kind":"plain"}}},"description":"It manages create, read, update and delete operations on Repository.\n\n- Create a new repository in the system. The name provided for the\nrepository must be unique.\n\n- Update the definition of a specific repository, providing ALL parameters for the repository.\n\n- Long description TBD\n","description_kind":"markdown"}},"ciscoise_rest_id_store":{"version":0,"block":{"attributes":{"id":{"type":"string","description_kind":"plain","optional":true,"computed":true},"last_updated":{"type":"string","description_kind":"plain","computed":true}},"block_types":{"item":{"nesting_mode":"list","block":{"attributes":{"description":{"type":"string","description_kind":"plain","optional":true,"computed":true},"id":{"type":"string","description_kind":"plain","optional":true,"computed":true},"link":{"type":["list",["object",{"href":"string","rel":"string","type":"string"}]],"description_kind":"plain","computed":true},"name":{"type":"string","description_kind":"plain","optional":true,"computed":true}},"block_types":{"ers_rest_idstore_attributes":{"nesting_mode":"list","block":{"attributes":{"predefined":{"type":"string","description":"The cloud provider connected to of the RestIDStore.\nOptions are:\n- Azure,\n- Okta,\n- None","description_kind":"markdown","optional":true,"computed":true},"root_url":{"type":"string","description":"url of the root of the RestIDStore","description_kind":"markdown","optional":true,"computed":true},"username_suffix":{"type":"string","description":"Suffix of the username domain","description_kind":"markdown","optional":true,"computed":true}},"block_types":{"headers":{"nesting_mode":"list","block":{"attributes":{"key":{"type":"string","description_kind":"plain","optional":true,"computed":true},"value":{"type":"string","description_kind":"plain","optional":true,"computed":true}},"description_kind":"plain"}}},"description_kind":"plain"}}},"description_kind":"plain"}}},"description":"It manages create, read, update and delete operations on RESTIDStore.\n\n- This resource allows the client to update a REST ID store by name.\n\n- This resource deletes a REST ID store by name.\n\n- This resource allows the client to update a REST ID store.\n\n- This resource deletes a REST ID store.\n\n- This resource creates a REST ID store.\n","description_kind":"markdown"}},"ciscoise_self_registered_portal":{"version":0,"block":{"attributes":{"id":{"type":"string","description_kind":"plain","optional":true,"computed":true},"last_updated":{"type":"string","description_kind":"plain","computed":true}},"block_types":{"item":{"nesting_mode":"list","block":{"attributes":{"description":{"type":"string","description_kind":"plain","optional":true,"computed":true},"id":{"type":"string","description_kind":"plain","optional":true,"computed":true},"link":{"type":["list",["object",{"href":"string","rel":"string","type":"string"}]],"description_kind":"plain","computed":true},"name":{"type":"string","description_kind":"plain","optional":true,"computed":true},"portal_test_url":{"type":"string","description":"URL to bring up a test page for this portal","description_kind":"markdown","optional":true,"computed":true},"portal_type":{"type":"string","description":"Allowed values:\n- BYOD,\n- HOTSPOTGUEST,\n- MYDEVICE,\n- SELFREGGUEST,\n- SPONSOR,\n- SPONSOREDGUEST","description_kind":"markdown","optional":true,"computed":true}},"block_types":{"customizations":{"nesting_mode":"list","block":{"block_types":{"global_customizations":{"nesting_mode":"list","block":{"attributes":{"banner_title":{"type":"string","description_kind":"plain","optional":true,"computed":true},"contact_text":{"type":"string","description_kind":"plain","optional":true,"computed":true},"footer_element":{"type":"string","description_kind":"plain","optional":true,"computed":true}},"block_types":{"background_image":{"nesting_mode":"list","block":{"attributes":{"data":{"type":"string","description":"Represented as base 64 encoded string of the image byte array","description_kind":"markdown","optional":true,"computed":true}},"description_kind":"plain"}},"banner_image":{"nesting_mode":"list","block":{"attributes":{"data":{"type":"string","description":"Represented as base 64 encoded string of the image byte array","description_kind":"markdown","optional":true,"computed":true}},"description_kind":"plain"}},"desktop_logo_image":{"nesting_mode":"list","block":{"attributes":{"data":{"type":"string","description":"Represented as base 64 encoded string of the image byte array","description_kind":"markdown","optional":true,"computed":true}},"description_kind":"plain"}},"mobile_logo_image":{"nesting_mode":"list","block":{"attributes":{"data":{"type":"string","description":"Represented as base 64 encoded string of the image byte array","description_kind":"markdown","optional":true,"computed":true}},"description_kind":"plain"}}},"description_kind":"plain"}},"language":{"nesting_mode":"list","block":{"attributes":{"view_language":{"type":"string","description_kind":"plain","optional":true,"computed":true}},"description":"This property is supported only for Read operation and it allows to show the customizations in English. Other languages are not supported","description_kind":"markdown"}},"page_customizations":{"nesting_mode":"list","block":{"block_types":{"data":{"nesting_mode":"list","block":{"attributes":{"key":{"type":"string","description_kind":"plain","optional":true,"computed":true},"value":{"type":"string","description_kind":"plain","optional":true,"computed":true}},"description":"The Dictionary will be exposed here as key value pair","description_kind":"markdown"}}},"description":"Represent the entire page customization as a giant dictionary","description_kind":"markdown"}},"portal_theme":{"nesting_mode":"list","block":{"attributes":{"id":{"type":"string","description_kind":"plain","optional":true,"computed":true},"name":{"type":"string","description":"The system- or user-assigned name of the portal theme","description_kind":"markdown","optional":true,"computed":true},"theme_data":{"type":"string","description":"A CSS file, represented as a Base64-encoded byte array","description_kind":"markdown","optional":true,"computed":true}},"description_kind":"plain"}},"portal_tweak_settings":{"nesting_mode":"list","block":{"attributes":{"banner_color":{"type":"string","description":"Hex value of color","description_kind":"markdown","optional":true,"computed":true},"banner_text_color":{"type":"string","description_kind":"plain","optional":true,"computed":true},"page_background_color":{"type":"string","description_kind":"plain","optional":true,"computed":true},"page_label_and_text_color":{"type":"string","description_kind":"plain","optional":true,"computed":true}},"description":"The Tweak Settings are a customization of the Portal Theme that has been selected for the portal.\nWhen the Portal Theme selection is changed, the Tweak Settings are overwritten to match the values in the theme.\nThe Tweak Settings can subsequently be changed by the user","description_kind":"markdown"}}},"description":"Defines all of the Portal Customizations available","description_kind":"markdown"}},"settings":{"nesting_mode":"list","block":{"block_types":{"aup_settings":{"nesting_mode":"list","block":{"attributes":{"display_frequency":{"type":"string","description":"How the AUP should be displayed, either on page or as a link.\nOnly valid if includeAup = true.\nAllowed Values:\n- FIRSTLOGIN,\n- EVERYLOGIN,\n- RECURRING","description_kind":"markdown","optional":true,"computed":true},"display_frequency_interval_days":{"type":"number","description":"Number of days between AUP confirmations (when displayFrequency = recurring)","description_kind":"markdown","optional":true,"computed":true},"include_aup":{"type":"string","description":"Require the portal user to read and accept an AUP","description_kind":"markdown","optional":true,"computed":true},"require_aup_scrolling":{"type":"string","description":"Require the portal user to scroll to the end of the AUP.\nOnly valid if requireAupAcceptance = true","description_kind":"markdown","optional":true,"computed":true},"require_scrolling":{"type":"string","description_kind":"plain","optional":true,"computed":true},"skip_aup_for_employees":{"type":"string","description":"Only valid if requireAupAcceptance = trueG","description_kind":"markdown","optional":true,"computed":true},"use_diff_aup_for_employees":{"type":"string","description":"Only valid if requireAupAcceptance = trueG","description_kind":"markdown","optional":true,"computed":true}},"description_kind":"plain"}},"auth_success_settings":{"nesting_mode":"list","block":{"attributes":{"redirect_url":{"type":"string","description_kind":"plain","optional":true,"computed":true},"success_redirect":{"type":"string","description_kind":"plain","optional":true,"computed":true}},"description_kind":"plain"}},"byod_settings":{"nesting_mode":"list","block":{"block_types":{"byod_registration_settings":{"nesting_mode":"list","block":{"attributes":{"end_point_identity_group_id":{"type":"string","description":"Identity group id for which endpoint belongs","description_kind":"markdown","optional":true,"computed":true},"show_device_id":{"type":"string","description":"Display Device ID field during registration","description_kind":"markdown","optional":true,"computed":true}},"description":"Configuration of BYOD endpoint Registration step configuration","description_kind":"markdown"}},"byod_registration_success_settings":{"nesting_mode":"list","block":{"attributes":{"redirect_url":{"type":"string","description":"Target URL for redirection, used when successRedirect = URL","description_kind":"markdown","optional":true,"computed":true},"success_redirect":{"type":"string","description":"After an Authentication Success where should device be redirected.\nAllowed values:\n- AUTHSUCCESSPAGE,\n- ORIGINATINGURL,\n- URL","description_kind":"markdown","optional":true,"computed":true}},"description":"Configuration of BYOD endpoint Registration Success step configuration","description_kind":"markdown"}},"byod_welcome_settings":{"nesting_mode":"list","block":{"attributes":{"aup_display":{"type":"string","description":"How the AUP should be displayed, either on page or as a link.\nOnly valid if includeAup = true.\nAllowed values:\n- ONPAGE,\n- ASLINK","description_kind":"markdown","optional":true,"computed":true},"enable_byo_d":{"type":"string","description_kind":"plain","optional":true,"computed":true},"enable_guest_access":{"type":"string","description_kind":"plain","optional":true,"computed":true},"include_aup":{"type":"string","description_kind":"plain","optional":true,"computed":true},"require_aup_acceptance":{"type":"string","description_kind":"plain","optional":true,"computed":true},"require_mdm":{"type":"string","description_kind":"plain","optional":true,"computed":true},"require_scrolling":{"type":"string","description":"Require BYOD devices to scroll down to the bottom of the AUP, \nOnly valid if includeAup = true","description_kind":"markdown","optional":true,"computed":true}},"description":"Configuration of BYOD endpoint welcome step configuration","description_kind":"markdown"}}},"description":"Configuration of BYOD Device Welcome, Registration and Success steps","description_kind":"markdown"}},"guest_change_password_settings":{"nesting_mode":"list","block":{"attributes":{"allow_change_passwd_at_first_login":{"type":"string","description":"Allow guest to change their own passwords","description_kind":"markdown","optional":true,"computed":true}},"description_kind":"plain"}},"guest_device_registration_settings":{"nesting_mode":"list","block":{"attributes":{"allow_guests_to_register_devices":{"type":"string","description":"Allow guests to register devices","description_kind":"markdown","optional":true,"computed":true},"auto_register_guest_devices":{"type":"string","description":"Automatically register guest devices","description_kind":"markdown","optional":true,"computed":true}},"description_kind":"plain"}},"login_page_settings":{"nesting_mode":"list","block":{"attributes":{"access_code":{"type":"string","description":"Access code that must be entered by the portal user (only valid if requireAccessCode = true)","description_kind":"markdown","optional":true,"computed":true},"allow_alternate_guest_portal":{"type":"string","description_kind":"plain","optional":true,"computed":true},"allow_forgot_password":{"type":"string","description_kind":"plain","optional":true,"computed":true},"allow_guest_to_change_password":{"type":"string","description":"Require the portal user to enter an access code","description_kind":"markdown","optional":true,"computed":true},"allow_guest_to_create_accounts":{"type":"string","description_kind":"plain","optional":true,"computed":true},"allow_guest_to_use_social_accounts":{"type":"string","description_kind":"plain","optional":true,"computed":true},"allow_show_guest_form":{"type":"string","description_kind":"plain","optional":true,"computed":true},"alternate_guest_portal":{"type":"string","description_kind":"plain","optional":true,"computed":true},"aup_display":{"type":"string","description":"How the AUP should be displayed, either on page or as a link.\nOnly valid if includeAup = true.\nAllowed values:\n-  ONPAGE,\n- ASLINK","description_kind":"markdown","optional":true,"computed":true},"include_aup":{"type":"string","description":"Include an Acceptable Use Policy (AUP) that should be displayed during login","description_kind":"markdown","optional":true,"computed":true},"max_failed_attempts_before_rate_limit":{"type":"number","description":"Maximum failed login attempts before rate limiting","description_kind":"markdown","optional":true,"computed":true},"require_access_code":{"type":"string","description":"Require the portal user to enter an access code","description_kind":"markdown","optional":true,"computed":true},"require_aup_acceptance":{"type":"string","description":"Require the portal user to accept the AUP. Only valid if includeAup = true","description_kind":"markdown","optional":true,"computed":true},"time_between_logins_during_rate_limit":{"type":"number","description":"Time between login attempts when rate limiting","description_kind":"markdown","optional":true,"computed":true}},"block_types":{"social_configs":{"nesting_mode":"list","block":{"attributes":{"social_media_type":{"type":"string","description_kind":"plain","optional":true,"computed":true},"social_media_value":{"type":"string","description_kind":"plain","optional":true,"computed":true}},"description_kind":"plain"}}},"description":"Portal Login Page settings groups follow","description_kind":"markdown"}},"portal_settings":{"nesting_mode":"list","block":{"attributes":{"allowed_interfaces":{"type":["list","string"],"description":"Interfaces that the portal will be reachable on.\nAllowed values:\n- eth0,\n- eth1,\n- eth2,\n- eth3,\n- eth4,\n- eth5,\n- bond0,\n- bond1,\n- bond2","description_kind":"markdown","optional":true,"computed":true},"always_used_language":{"type":"string","description_kind":"plain","optional":true,"computed":true},"assigned_guest_type_for_employee":{"type":"string","description":"Unique Id of a guest type.\nEmployees using this portal as a guest inherit login options from the guest type","description_kind":"markdown","optional":true,"computed":true},"authentication_method":{"type":"string","description":"Unique Id of the identity source sequence","description_kind":"markdown","optional":true,"computed":true},"certificate_group_tag":{"type":"string","description":"Logical name of the x.509 server certificate that will be used for the portal","description_kind":"markdown","optional":true,"computed":true},"display_lang":{"type":"string","description":"Allowed values:\n- USEBROWSERLOCALE,\n- ALWAYSUSE","description_kind":"markdown","optional":true,"computed":true},"fallback_language":{"type":"string","description":"Used when displayLang = USEBROWSERLOCALE","description_kind":"markdown","optional":true,"computed":true},"https_port":{"type":"number","description":"The port number that the allowed interfaces will listen on.\nRange from 8000 to 8999","description_kind":"markdown","optional":true,"computed":true}},"description":"The port, interface, certificate, and other basic settings of a portal","description_kind":"markdown"}},"post_access_banner_settings":{"nesting_mode":"list","block":{"attributes":{"include_post_access_banner":{"type":"string","description_kind":"plain","optional":true,"computed":true}},"description_kind":"plain"}},"post_login_banner_settings":{"nesting_mode":"list","block":{"attributes":{"include_post_access_banner":{"type":"string","description":"Include a Post-Login Banner page","description_kind":"markdown","optional":true,"computed":true}},"description_kind":"plain"}},"self_reg_page_settings":{"nesting_mode":"list","block":{"attributes":{"account_validity_duration":{"type":"number","description":"Self-registered guest account is valid for this many account_validity_time_units","description_kind":"markdown","optional":true,"computed":true},"account_validity_time_units":{"type":"string","description":"Time units for account_validity_duration.\nAllowed Values:\n- DAYS,\n- HOURS,\n- MINUTES","description_kind":"markdown","optional":true,"computed":true},"allow_grace_access":{"type":"string","description_kind":"plain","optional":true,"computed":true},"approval_email_addresses":{"type":"string","description":"Only valid if requireGuestApproval = true and sendApprovalRequestTo = SELECTEDEMAILADDRESSES","description_kind":"markdown","optional":true,"computed":true},"approve_deny_links_time_units":{"type":"string","description":"This attribute, along with approveDenyLinksValidFor, specifies how long the link can be used.\nOnly valid if requireGuestApproval = true.\nAllowed Values:\n- DAYS,\n- HOURS,\n- MINUTES","description_kind":"markdown","optional":true,"computed":true},"approve_deny_links_valid_for":{"type":"number","description":"This attribute, along with approveDenyLinksTimeUnits, specifies how long the link can be used.\nOnly valid if requireGuestApproval = true","description_kind":"markdown","optional":true,"computed":true},"assign_guests_to_guest_type":{"type":"string","description":"Guests are assigned to this guest type","description_kind":"markdown","optional":true,"computed":true},"aup_display":{"type":"string","description":"How the AUP should be displayed, either on page or as a link.\nOnly valid if includeAup = true.\nAllowed values:\n- ONPAGE,\n- ASLINK","description_kind":"markdown","optional":true,"computed":true},"authenticate_sponsors_using_portal_list":{"type":"string","description_kind":"plain","optional":true,"computed":true},"auto_login_self_wait":{"type":"string","description":"Allow guests to login automatically from self-registration after sponsor's approval.\nNo need to provide the credentials by guest to login","description_kind":"markdown","optional":true,"computed":true},"auto_login_time_period":{"type":"number","description":"Waiting period for auto login until sponsor's approval.\nIf time exceeds, guest has to login manually by providing the credentials.\nDefault value is 5 minutes","description_kind":"markdown","optional":true,"computed":true},"credential_notification_using_email":{"type":"string","description":"If true, send credential notification upon approval using email.\nOnly valid if requireGuestApproval = true","description_kind":"markdown","optional":true,"computed":true},"credential_notification_using_sms":{"type":"string","description":"If true, send credential notification upon approval using SMS.\nOnly valid if requireGuestApproval = true","description_kind":"markdown","optional":true,"computed":true},"enable_guest_email_blacklist":{"type":"string","description":"Disallow guests with an e-mail address from selected domains","description_kind":"markdown","optional":true,"computed":true},"enable_guest_email_whitelist":{"type":"string","description":"Allow guests with an e-mail address from selected domains","description_kind":"markdown","optional":true,"computed":true},"grace_access_expire_interval":{"type":"number","description_kind":"plain","optional":true,"computed":true},"grace_access_send_account_expiration":{"type":"string","description_kind":"plain","optional":true,"computed":true},"guest_email_blacklist_domains":{"type":["list","string"],"description":"Disallow guests with an e-mail address from selected domains","description_kind":"markdown","optional":true,"computed":true},"guest_email_whitelist_domains":{"type":"string","description":"Self-registered guests whose e-mail address is in one of these domains will be allowed.\nOnly valid if enableGuestEmailWhitelist = true","description_kind":"markdown","optional":true,"computed":true},"include_aup":{"type":"string","description":"Include an Acceptable Use Policy (AUP) that should be displayed during login","description_kind":"markdown","optional":true,"computed":true},"post_registration_redirect":{"type":"string","description":"After the registration submission direct the guest user to one of the following pages.\nOnly valid if requireGuestApproval = true.\nAllowed Values:\n- SELFREGISTRATIONSUCCESS,\n- LOGINPAGEWITHINSTRUCTIONS\n- URL","description_kind":"markdown","optional":true,"computed":true},"post_registration_redirect_url":{"type":"string","description":"URL where guest user is redirected after registration.\nOnly valid if requireGuestApproval = true and postRegistrationRedirect = URL","description_kind":"markdown","optional":true,"computed":true},"registration_code":{"type":"string","description":"The registration code that the guest user must enter","description_kind":"markdown","optional":true,"computed":true},"require_approver_to_authenticate":{"type":"string","description":"When self-registered guests require approval, an approval request is e-mailed to one or more sponsor users.\nIf the Cisco ISE Administrator chooses to include an approval link in the e-mail,\na sponsor user who clicks the link will be required to enter their username and password if this attribute is true.\nOnly valid if requireGuestApproval = true","description_kind":"markdown","optional":true,"computed":true},"require_aup_acceptance":{"type":"string","description":"Require the portal user to accept the AUP. Only valid if includeAup = true","description_kind":"markdown","optional":true,"computed":true},"require_guest_approval":{"type":"string","description":"Require self-registered guests to be approved if true","description_kind":"markdown","optional":true,"computed":true},"require_registration_code":{"type":"string","description":"Self-registered guests are required to enter a registration code","description_kind":"markdown","optional":true,"computed":true},"selectable_locations":{"type":["list","string"],"description":"Guests can choose from these locations to set their time zone","description_kind":"markdown","optional":true,"computed":true},"selectable_sms_providers":{"type":["list","string"],"description":"This attribute is an array of SMS provider names","description_kind":"markdown","optional":true,"computed":true},"send_approval_request_to":{"type":"string","description":"Specifies where approval requests are sent.\nOnly valid if requireGuestApproval = true.\nAllowed Values:\n- SELECTEDEMAILADDRESSES,\n- PERSONBEINGVISITED","description_kind":"markdown","optional":true,"computed":true},"sponsor_portal_list":{"type":["list","string"],"description_kind":"plain","optional":true,"computed":true}},"block_types":{"field_company":{"nesting_mode":"list","block":{"attributes":{"include":{"type":"string","description_kind":"plain","optional":true,"computed":true},"require":{"type":"string","description":"Only applicable if include = true","description_kind":"markdown","optional":true,"computed":true}},"description_kind":"plain"}},"field_email_addr":{"nesting_mode":"list","block":{"attributes":{"include":{"type":"string","description_kind":"plain","optional":true,"computed":true},"require":{"type":"string","description":"Only applicable if include = true","description_kind":"markdown","optional":true,"computed":true}},"description_kind":"plain"}},"field_first_name":{"nesting_mode":"list","block":{"attributes":{"include":{"type":"string","description_kind":"plain","optional":true,"computed":true},"require":{"type":"string","description":"Only applicable if include = true","description_kind":"markdown","optional":true,"computed":true}},"description_kind":"plain"}},"field_last_name":{"nesting_mode":"list","block":{"attributes":{"include":{"type":"string","description_kind":"plain","optional":true,"computed":true},"require":{"type":"string","description":"Only applicable if include = true","description_kind":"markdown","optional":true,"computed":true}},"description_kind":"plain"}},"field_location":{"nesting_mode":"list","block":{"attributes":{"include":{"type":"string","description_kind":"plain","optional":true,"computed":true},"require":{"type":"string","description":"Only applicable if include = true","description_kind":"markdown","optional":true,"computed":true}},"description_kind":"plain"}},"field_person_being_visited":{"nesting_mode":"list","block":{"attributes":{"include":{"type":"string","description_kind":"plain","optional":true,"computed":true},"require":{"type":"string","description":"Only applicable if include = true","description_kind":"markdown","optional":true,"computed":true}},"description_kind":"plain"}},"field_phone_no":{"nesting_mode":"list","block":{"attributes":{"include":{"type":"string","description_kind":"plain","optional":true,"computed":true},"require":{"type":"string","description":"Only applicable if include = true","description_kind":"markdown","optional":true,"computed":true}},"description_kind":"plain"}},"field_reason_for_visit":{"nesting_mode":"list","block":{"attributes":{"include":{"type":"string","description_kind":"plain","optional":true,"computed":true},"require":{"type":"string","description":"Only applicable if include = true","description_kind":"markdown","optional":true,"computed":true}},"description_kind":"plain"}},"field_sms_provider":{"nesting_mode":"list","block":{"attributes":{"include":{"type":"string","description_kind":"plain","optional":true,"computed":true},"require":{"type":"string","description":"Only applicable if include = true","description_kind":"markdown","optional":true,"computed":true}},"description_kind":"plain"}},"field_user_name":{"nesting_mode":"list","block":{"attributes":{"include":{"type":"string","description_kind":"plain","optional":true,"computed":true},"require":{"type":"string","description":"Only applicable if include = true","description_kind":"markdown","optional":true,"computed":true}},"description_kind":"plain"}}},"description_kind":"plain"}},"self_reg_success_settings":{"nesting_mode":"list","block":{"attributes":{"allow_guest_login_from_selfreg_success_page":{"type":"string","description_kind":"plain","optional":true,"computed":true},"allow_guest_send_self_using_email":{"type":"string","description_kind":"plain","optional":true,"computed":true},"allow_guest_send_self_using_print":{"type":"string","description_kind":"plain","optional":true,"computed":true},"allow_guest_send_self_using_sms":{"type":"string","description_kind":"plain","optional":true,"computed":true},"aup_on_page":{"type":"string","description_kind":"plain","optional":true,"computed":true},"include_aup":{"type":"string","description_kind":"plain","optional":true,"computed":true},"include_company":{"type":"string","description_kind":"plain","optional":true,"computed":true},"include_email_addr":{"type":"string","description_kind":"plain","optional":true,"computed":true},"include_first_name":{"type":"string","description_kind":"plain","optional":true,"computed":true},"include_last_name":{"type":"string","description_kind":"plain","optional":true,"computed":true},"include_location":{"type":"string","description_kind":"plain","optional":true,"computed":true},"include_password":{"type":"string","description_kind":"plain","optional":true,"computed":true},"include_person_being_visited":{"type":"string","description_kind":"plain","optional":true,"computed":true},"include_phone_no":{"type":"string","description_kind":"plain","optional":true,"computed":true},"include_reason_for_visit":{"type":"string","description_kind":"plain","optional":true,"computed":true},"include_sms_provider":{"type":"string","description_kind":"plain","optional":true,"computed":true},"include_user_name":{"type":"string","description_kind":"plain","optional":true,"computed":true},"require_aup_acceptance":{"type":"string","description_kind":"plain","optional":true,"computed":true},"require_aup_scrolling":{"type":"string","description_kind":"plain","optional":true,"computed":true}},"description_kind":"plain"}},"support_info_settings":{"nesting_mode":"list","block":{"attributes":{"default_empty_field_value":{"type":"string","description":"The default value displayed for an empty field.\nOnly valid when emptyFieldDisplay = DISPLAYWITHDEFAULTVALUE","description_kind":"markdown","optional":true,"computed":true},"empty_field_display":{"type":"string","description":"Specifies how empty fields are handled on the Support Information Page. Allowed values:\n- HIDE,\n- DISPLAYWITHNOVALUE,\n- DISPLAYWITHDEFAULTVALUE","description_kind":"markdown","optional":true,"computed":true},"include_browser_user_agent":{"type":"string","description_kind":"plain","optional":true,"computed":true},"include_failure_code":{"type":"string","description_kind":"plain","optional":true,"computed":true},"include_ip_address":{"type":"string","description_kind":"plain","optional":true,"computed":true},"include_mac_addr":{"type":"string","description_kind":"plain","optional":true,"computed":true},"include_policy_server":{"type":"string","description_kind":"plain","optional":true,"computed":true},"include_support_info_page":{"type":"string","description_kind":"plain","optional":true,"computed":true}},"description_kind":"plain"}}},"description":"Defines all of the settings groups available for a portal","description_kind":"markdown"}}},"description_kind":"plain"}}},"description":"It manages create, read, update and delete operations on SelfRegisteredPortal.\n\n- This resource allows the client to update a self registered portal by ID.\n\n- This resource deletes a self registered portal by ID.\n\n- This resource creates a self registered portal.\n","description_kind":"markdown"}},"ciscoise_sg_acl":{"version":0,"block":{"attributes":{"id":{"type":"string","description_kind":"plain","optional":true,"computed":true},"last_updated":{"type":"string","description_kind":"plain","computed":true}},"block_types":{"item":{"nesting_mode":"list","block":{"attributes":{"aclcontent":{"type":"string","description_kind":"plain","optional":true,"computed":true},"description":{"type":"string","description_kind":"plain","optional":true,"computed":true},"generation_id":{"type":"string","description_kind":"plain","optional":true,"computed":true},"id":{"type":"string","description_kind":"plain","optional":true,"computed":true},"ip_version":{"type":"string","description":"Allowed values:\n- IPV4,\n- IPV6,\n- IP_AGNOSTIC","description_kind":"markdown","optional":true,"computed":true},"is_read_only":{"type":"string","description_kind":"plain","optional":true,"computed":true},"link":{"type":["list",["object",{"href":"string","rel":"string","type":"string"}]],"description_kind":"plain","computed":true},"modelled_content":{"type":"string","description":"Modelled content of contract","description_kind":"markdown","optional":true,"computed":true},"name":{"type":"string","description_kind":"plain","optional":true,"computed":true}},"description_kind":"plain"}}},"description":"It manages create, read, update and delete operations on SecurityGroupsACLs.\n\n- This resource allows the client to update a security group ACL.\n\n- This resource deletes a security group ACL.\n\n- This resource creates a security group ACL.\n","description_kind":"markdown"}},"ciscoise_sg_mapping":{"version":0,"block":{"attributes":{"id":{"type":"string","description_kind":"plain","optional":true,"computed":true},"last_updated":{"type":"string","description_kind":"plain","computed":true}},"block_types":{"item":{"nesting_mode":"list","block":{"attributes":{"deploy_to":{"type":"string","description":"Mandatory unless mappingGroup is set or unless deployType=ALL","description_kind":"markdown","optional":true,"computed":true},"deploy_type":{"type":"string","description":"Allowed values:\n- ALL,\n- ND,\n- NDG","description_kind":"markdown","optional":true,"computed":true},"host_ip":{"type":"string","description":"Mandatory if hostName is empty -- valid IP","description_kind":"markdown","optional":true,"computed":true},"host_name":{"type":"string","description":"Mandatory if hostIp is empty","description_kind":"markdown","optional":true,"computed":true},"id":{"type":"string","description_kind":"plain","optional":true,"computed":true},"link":{"type":["list",["object",{"href":"string","rel":"string","type":"string"}]],"description_kind":"plain","computed":true},"mapping_group":{"type":"string","description":"Mapping Group Id. Mandatory unless sgt and deployTo and deployType are set","description_kind":"markdown","optional":true,"computed":true},"name":{"type":"string","description_kind":"plain","optional":true,"computed":true},"sgt":{"type":"string","description":"Mandatory unless mappingGroup is set","description_kind":"markdown","optional":true,"computed":true}},"description_kind":"plain"}}},"description":"It manages create, read, update and delete operations on IPToSGTMapping.\n\n- This resource allows the client to update an IP to SGT mapping by ID.\n\n- This resource deletes an IP to SGT mapping.\n\n- This resource creates an IP to SGT mapping.\n","description_kind":"markdown"}},"ciscoise_sg_mapping_group":{"version":0,"block":{"attributes":{"id":{"type":"string","description_kind":"plain","optional":true,"computed":true},"last_updated":{"type":"string","description_kind":"plain","computed":true}},"block_types":{"item":{"nesting_mode":"list","block":{"attributes":{"deploy_to":{"type":"string","description":"Mandatory unless mappingGroup is set or unless deployType=ALL","description_kind":"markdown","optional":true,"computed":true},"deploy_type":{"type":"string","description":"Allowed values:\n- ALL,\n- ND,\n- NDG","description_kind":"markdown","optional":true,"computed":true},"id":{"type":"string","description":"id path parameter.","description_kind":"markdown","optional":true},"link":{"type":["list",["object",{"href":"string","rel":"string","type":"string"}]],"description_kind":"plain","computed":true},"name":{"type":"string","description_kind":"plain","optional":true,"computed":true},"sgt":{"type":"string","description":"Mandatory unless mappingGroup is set","description_kind":"markdown","optional":true,"computed":true}},"description_kind":"plain"}}},"description":"It manages create, read, update and delete operations on IPToSGTMappingGroup.\n\n- This resource allows the client to update an IP to SGT mapping group by ID.\n\n- This resource deletes an IP to SGT mapping group.\n\n- This resource creates an IP to SGT mapping group.\n","description_kind":"markdown"}},"ciscoise_sg_to_vn_to_vlan":{"version":0,"block":{"attributes":{"id":{"type":"string","description_kind":"plain","optional":true,"computed":true},"last_updated":{"type":"string","description_kind":"plain","computed":true}},"block_types":{"item":{"nesting_mode":"list","block":{"attributes":{"description":{"type":"string","description_kind":"plain","optional":true,"computed":true},"id":{"type":"string","description_kind":"plain","optional":true,"computed":true},"link":{"type":["list",["object",{"href":"string","rel":"string","type":"string"}]],"description_kind":"plain","computed":true},"name":{"type":"string","description_kind":"plain","optional":true,"computed":true},"sgt_id":{"type":"string","description_kind":"plain","optional":true,"computed":true}},"block_types":{"virtualnetworklist":{"nesting_mode":"list","block":{"attributes":{"default_virtual_network":{"type":"string","description_kind":"plain","optional":true,"computed":true},"description":{"type":"string","description_kind":"plain","optional":true,"computed":true},"id":{"type":"string","description_kind":"plain","optional":true,"computed":true},"name":{"type":"string","description_kind":"plain","optional":true,"computed":true}},"block_types":{"vlans":{"nesting_mode":"list","block":{"attributes":{"data":{"type":"string","description_kind":"plain","optional":true,"computed":true},"default_vlan":{"type":"string","description_kind":"plain","optional":true,"computed":true},"description":{"type":"string","description_kind":"plain","optional":true,"computed":true},"id":{"type":"string","description_kind":"plain","optional":true,"computed":true},"max_value":{"type":"number","description_kind":"plain","optional":true,"computed":true},"name":{"type":"string","description_kind":"plain","optional":true,"computed":true}},"description_kind":"plain"}}},"description_kind":"plain"}}},"description_kind":"plain"}}},"description":"It manages create, read, update and delete operations on SecurityGroupToVirtualNetwork.\n\n- This resource allows the client to update a security group to virtual network.\n\n- This resource deletes a security group ACL to virtual network.\n\n- This resource creates a security group to virtual network.\n","description_kind":"markdown"}},"ciscoise_sgt":{"version":0,"block":{"attributes":{"id":{"type":"string","description_kind":"plain","optional":true,"computed":true},"last_updated":{"type":"string","description_kind":"plain","computed":true}},"block_types":{"item":{"nesting_mode":"list","block":{"attributes":{"default_sgacls":{"type":["list","string"],"description_kind":"plain","optional":true,"computed":true},"description":{"type":"string","description_kind":"plain","optional":true,"computed":true},"generation_id":{"type":"string","description_kind":"plain","optional":true,"computed":true},"id":{"type":"string","description_kind":"plain","optional":true,"computed":true},"is_read_only":{"type":"string","description_kind":"plain","optional":true,"computed":true},"link":{"type":["list",["object",{"href":"string","rel":"string","type":"string"}]],"description_kind":"plain","computed":true},"name":{"type":"string","description_kind":"plain","optional":true,"computed":true},"propogate_to_apic":{"type":"string","description_kind":"plain","optional":true,"computed":true},"value":{"type":"number","description":"Value range: 2 ot 65519 or -1 to auto-generate","description_kind":"markdown","optional":true,"computed":true}},"description_kind":"plain"}}},"description":"It manages create, read, update and delete operations on SecurityGroups.\n\n- This resource allows the client to update a security group.\n\n- This resource deletes a security group.\n\n- This resource creates a security group.\n","description_kind":"markdown"}},"ciscoise_sponsor_group":{"version":0,"block":{"attributes":{"id":{"type":"string","description_kind":"plain","optional":true,"computed":true},"last_updated":{"type":"string","description_kind":"plain","computed":true}},"block_types":{"item":{"nesting_mode":"list","block":{"attributes":{"auto_notification":{"type":"string","description_kind":"plain","optional":true,"computed":true},"description":{"type":"string","description_kind":"plain","optional":true,"computed":true},"guest_types":{"type":["list","string"],"description_kind":"plain","optional":true,"computed":true},"id":{"type":"string","description_kind":"plain","optional":true,"computed":true},"is_default_group":{"type":"string","description_kind":"plain","optional":true,"computed":true},"is_enabled":{"type":"string","description_kind":"plain","optional":true,"computed":true},"link":{"type":["list",["object",{"href":"string","rel":"string","type":"string"}]],"description_kind":"plain","computed":true},"locations":{"type":["list","string"],"description_kind":"plain","optional":true,"computed":true},"manage_permission":{"type":"string","description_kind":"plain","optional":true,"computed":true},"member_groups":{"type":["list","string"],"description_kind":"plain","optional":true,"computed":true},"name":{"type":"string","description_kind":"plain","optional":true,"computed":true}},"block_types":{"create_permissions":{"nesting_mode":"list","block":{"attributes":{"can_create_random_accounts":{"type":"string","description_kind":"plain","optional":true,"computed":true},"can_import_multiple_accounts":{"type":"string","description_kind":"plain","optional":true,"computed":true},"can_set_future_start_date":{"type":"string","description_kind":"plain","optional":true,"computed":true},"can_specify_username_prefix":{"type":"string","description_kind":"plain","optional":true,"computed":true},"default_username_prefix":{"type":"string","description_kind":"plain","optional":true,"computed":true},"import_batch_size_limit":{"type":"number","description_kind":"plain","optional":true,"computed":true},"random_batch_size_limit":{"type":"number","description_kind":"plain","optional":true,"computed":true},"start_date_future_limit_days":{"type":"number","description_kind":"plain","optional":true,"computed":true}},"description_kind":"plain"}},"other_permissions":{"nesting_mode":"list","block":{"attributes":{"can_access_via_rest":{"type":"string","description_kind":"plain","optional":true,"computed":true},"can_approve_selfreg_guests":{"type":"string","description_kind":"plain","optional":true,"computed":true},"can_delete_guest_accounts":{"type":"string","description_kind":"plain","optional":true,"computed":true},"can_extend_guest_accounts":{"type":"string","description_kind":"plain","optional":true,"computed":true},"can_reinstate_suspended_accounts":{"type":"string","description_kind":"plain","optional":true,"computed":true},"can_reset_guest_passwords":{"type":"string","description_kind":"plain","optional":true,"computed":true},"can_send_sms_notifications":{"type":"string","description_kind":"plain","optional":true,"computed":true},"can_suspend_guest_accounts":{"type":"string","description_kind":"plain","optional":true,"computed":true},"can_update_guest_contact_info":{"type":"string","description_kind":"plain","optional":true,"computed":true},"can_view_guest_passwords":{"type":"string","description_kind":"plain","optional":true,"computed":true},"limit_approval_to_sponsors_guests":{"type":"string","description_kind":"plain","optional":true,"computed":true},"require_suspension_reason":{"type":"string","description_kind":"plain","optional":true,"computed":true}},"description_kind":"plain"}}},"description_kind":"plain"}}},"description":"It manages create, read, update and delete operations on SponsorGroup.\n\n- This resource allows the client to update a sponsor group by ID.\n\n- This resource deletes a sponsor group by ID.\n\n- This resource creates a sponsor group.\n","description_kind":"markdown"}},"ciscoise_sponsor_portal":{"version":0,"block":{"attributes":{"id":{"type":"string","description_kind":"plain","optional":true,"computed":true},"last_updated":{"type":"string","description_kind":"plain","computed":true}},"block_types":{"item":{"nesting_mode":"list","block":{"attributes":{"description":{"type":"string","description_kind":"plain","optional":true,"computed":true},"id":{"type":"string","description_kind":"plain","optional":true,"computed":true},"link":{"type":["list",["object",{"href":"string","rel":"string","type":"string"}]],"description_kind":"plain","computed":true},"name":{"type":"string","description_kind":"plain","optional":true,"computed":true},"portal_test_url":{"type":"string","description":"URL to bring up a test page for this portal","description_kind":"markdown","optional":true,"computed":true},"portal_type":{"type":"string","description":"Allowed values:\n- BYOD,\n- HOTSPOTGUEST,\n- MYDEVICE,\n- SELFREGGUEST,\n- SPONSOR,\n- SPONSOREDGUEST","description_kind":"markdown","optional":true,"computed":true}},"block_types":{"customizations":{"nesting_mode":"list","block":{"block_types":{"global_customizations":{"nesting_mode":"list","block":{"attributes":{"banner_title":{"type":"string","description_kind":"plain","optional":true,"computed":true},"contact_text":{"type":"string","description_kind":"plain","optional":true,"computed":true},"footer_element":{"type":"string","description_kind":"plain","optional":true,"computed":true}},"block_types":{"background_image":{"nesting_mode":"list","block":{"attributes":{"data":{"type":"string","description":"Represented as base 64 encoded string of the image byte array","description_kind":"markdown","optional":true,"computed":true}},"description_kind":"plain"}},"banner_image":{"nesting_mode":"list","block":{"attributes":{"data":{"type":"string","description":"Represented as base 64 encoded string of the image byte array","description_kind":"markdown","optional":true,"computed":true}},"description_kind":"plain"}},"desktop_logo_image":{"nesting_mode":"list","block":{"attributes":{"data":{"type":"string","description":"Represented as base 64 encoded string of the image byte array","description_kind":"markdown","optional":true,"computed":true}},"description_kind":"plain"}},"mobile_logo_image":{"nesting_mode":"list","block":{"attributes":{"data":{"type":"string","description":"Represented as base 64 encoded string of the image byte array","description_kind":"markdown","optional":true,"computed":true}},"description_kind":"plain"}}},"description_kind":"plain"}},"language":{"nesting_mode":"list","block":{"attributes":{"view_language":{"type":"string","description_kind":"plain","optional":true,"computed":true}},"description":"This property is supported only for Read operation and it allows to show the customizations in English. Other languages are not supported","description_kind":"markdown"}},"page_customizations":{"nesting_mode":"list","block":{"block_types":{"data":{"nesting_mode":"list","block":{"attributes":{"key":{"type":"string","description_kind":"plain","optional":true,"computed":true},"value":{"type":"string","description_kind":"plain","optional":true,"computed":true}},"description":"The Dictionary will be exposed here as key value pair","description_kind":"markdown"}}},"description_kind":"plain"}},"portal_theme":{"nesting_mode":"list","block":{"attributes":{"id":{"type":"string","description_kind":"plain","optional":true,"computed":true},"name":{"type":"string","description":"The system- or user-assigned name of the portal theme","description_kind":"markdown","optional":true,"computed":true},"theme_data":{"type":"string","description":"A CSS file, represented as a Base64-encoded byte array","description_kind":"markdown","optional":true,"computed":true}},"description_kind":"plain"}},"portal_tweak_settings":{"nesting_mode":"list","block":{"attributes":{"banner_color":{"type":"string","description":"Hex value of color","description_kind":"markdown","optional":true,"computed":true},"banner_text_color":{"type":"string","description_kind":"plain","optional":true,"computed":true},"page_background_color":{"type":"string","description_kind":"plain","optional":true,"computed":true},"page_label_and_text_color":{"type":"string","description_kind":"plain","optional":true,"computed":true}},"description":"The Tweak Settings are a customization of the Portal Theme that has been selected for the portal.\nWhen the Portal Theme selection is changed, the Tweak Settings are overwritten to match the values in the theme.\nThe Tweak Settings can subsequently be changed by the user","description_kind":"markdown"}}},"description_kind":"plain"}},"settings":{"nesting_mode":"list","block":{"block_types":{"aup_settings":{"nesting_mode":"list","block":{"attributes":{"display_frequency":{"type":"string","description":"How the AUP should be displayed, either on page or as a link. Only valid if includeAup = true. Allowed Values:\n- FIRSTLOGIN,\n- EVERYLOGIN,\n- RECURRING","description_kind":"markdown","optional":true,"computed":true},"display_frequency_interval_days":{"type":"number","description":"Number of days between AUP confirmations (when displayFrequency = recurring)","description_kind":"markdown","optional":true,"computed":true},"include_aup":{"type":"string","description_kind":"plain","optional":true,"computed":true},"require_scrolling":{"type":"string","description_kind":"plain","optional":true,"computed":true}},"description_kind":"plain"}},"login_page_settings":{"nesting_mode":"list","block":{"attributes":{"aup_display":{"type":"string","description":"How the AUP should be displayed, either on page or as a link.\nOnly valid if includeAup = true.\nAllowed values:\n-  ONPAGE,\n- ASLINK","description_kind":"markdown","optional":true,"computed":true},"include_aup":{"type":"string","description":"Include an Acceptable Use Policy (AUP) that should be displayed during login","description_kind":"markdown","optional":true,"computed":true},"max_failed_attempts_before_rate_limit":{"type":"number","description":"Maximum failed login attempts before rate limiting","description_kind":"markdown","optional":true,"computed":true},"require_aup_acceptance":{"type":"string","description":"Require the portal user to accept the AUP.\nOnly valid if includeAup = true","description_kind":"markdown","optional":true,"computed":true},"require_aup_scrolling":{"type":"string","description_kind":"plain","optional":true,"computed":true},"social_configs":{"type":["list","string"],"description_kind":"plain","optional":true,"computed":true},"time_between_logins_during_rate_limit":{"type":"number","description":"Time between login attempts when rate limiting","description_kind":"markdown","optional":true,"computed":true}},"description":"Portal Login Page settings groups follow","description_kind":"markdown"}},"portal_settings":{"nesting_mode":"list","block":{"attributes":{"allowed_interfaces":{"type":["list","string"],"description":"Interfaces that the portal will be reachable on.\nAllowed values:\n- eth0,\n- eth1,\n- eth2,\n- eth3,\n- eth4,\n- eth5,\n- bond0,\n- bond1,\n- bond2","description_kind":"markdown","optional":true,"computed":true},"authentication_method":{"type":"string","description":"Unique Id of the identity source sequence","description_kind":"markdown","optional":true,"computed":true},"available_ssids":{"type":["list","string"],"description":"Names of the SSIDs available for assignment to guest users by sponsors","description_kind":"markdown","optional":true,"computed":true},"certificate_group_tag":{"type":"string","description":"Logical name of the x.509 server certificate that will be used for the portal","description_kind":"markdown","optional":true,"computed":true},"display_lang":{"type":"string","description":"Allowed values:\n- USEBROWSERLOCALE,\n- ALWAYSUSE","description_kind":"markdown","optional":true,"computed":true},"fallback_language":{"type":"string","description":"Used when displayLang = USEBROWSERLOCALE","description_kind":"markdown","optional":true,"computed":true},"fqdn":{"type":"string","description":"The fully-qualified domain name (FQDN) that end-users will use to access this portal. Used only in Sponsor portal","description_kind":"markdown","optional":true,"computed":true},"https_port":{"type":"number","description":"The port number that the allowed interfaces will listen on.\nRange from 8000 to 8999","description_kind":"markdown","optional":true,"computed":true},"idle_timeout":{"type":"number","description_kind":"plain","optional":true,"computed":true}},"description":"The port, interface, certificate, and other basic settings of a portal","description_kind":"markdown"}},"post_access_banner_settings":{"nesting_mode":"list","block":{"attributes":{"include_post_access_banner":{"type":"string","description_kind":"plain","optional":true,"computed":true}},"description_kind":"plain"}},"post_login_banner_settings":{"nesting_mode":"list","block":{"attributes":{"include_post_access_banner":{"type":"string","description":"Include a Post-Login Banner page","description_kind":"markdown","optional":true,"computed":true}},"description_kind":"plain"}},"sponsor_change_password_settings":{"nesting_mode":"list","block":{"attributes":{"allow_sponsor_to_change_pwd":{"type":"string","description":"Allow sponsors to change their own passwords","description_kind":"markdown","optional":true,"computed":true}},"description_kind":"plain"}},"support_info_settings":{"nesting_mode":"list","block":{"attributes":{"default_empty_field_value":{"type":"string","description":"The default value displayed for an empty field.\nOnly valid when emptyFieldDisplay = DISPLAYWITHDEFAULTVALUE","description_kind":"markdown","optional":true,"computed":true},"empty_field_display":{"type":"string","description":"Specifies how empty fields are handled on the Support Information Page. Allowed values:\n- HIDE,\n- DISPLAYWITHNOVALUE,\n- DISPLAYWITHDEFAULTVALUE","description_kind":"markdown","optional":true,"computed":true},"include_browser_user_agent":{"type":"string","description_kind":"plain","optional":true,"computed":true},"include_failure_code":{"type":"string","description_kind":"plain","optional":true,"computed":true},"include_ip_address":{"type":"string","description_kind":"plain","optional":true,"computed":true},"include_mac_addr":{"type":"string","description_kind":"plain","optional":true,"computed":true},"include_policy_server":{"type":"string","description_kind":"plain","optional":true,"computed":true},"include_support_info_page":{"type":"string","description_kind":"plain","optional":true,"computed":true}},"description_kind":"plain"}}},"description":"Defines all of the settings groups available for a portal","description_kind":"markdown"}}},"description_kind":"plain"}}},"description":"It manages create, read, update and delete operations on SponsorPortal.\n\n- This resource allows the client to update a sponsor portal by ID.\n\n- This resource deletes a sponsor portal by ID.\n\n- This resource creates a sponsor portal.\n","description_kind":"markdown"}},"ciscoise_sponsored_guest_portal":{"version":0,"block":{"attributes":{"id":{"type":"string","description_kind":"plain","optional":true,"computed":true},"last_updated":{"type":"string","description_kind":"plain","computed":true}},"block_types":{"item":{"nesting_mode":"list","block":{"attributes":{"description":{"type":"string","description_kind":"plain","optional":true,"computed":true},"id":{"type":"string","description_kind":"plain","optional":true,"computed":true},"link":{"type":["list",["object",{"href":"string","rel":"string","type":"string"}]],"description_kind":"plain","computed":true},"name":{"type":"string","description_kind":"plain","optional":true,"computed":true},"portal_test_url":{"type":"string","description":"URL to bring up a test page for this portal","description_kind":"markdown","optional":true,"computed":true},"portal_type":{"type":"string","description":"Allowed values:\n- BYOD,\n- HOTSPOTGUEST,\n- MYDEVICE,\n- SELFREGGUEST,\n- SPONSOR,\n- SPONSOREDGUEST","description_kind":"markdown","optional":true,"computed":true}},"block_types":{"customizations":{"nesting_mode":"list","block":{"block_types":{"global_customizations":{"nesting_mode":"list","block":{"attributes":{"banner_title":{"type":"string","description_kind":"plain","optional":true,"computed":true},"contact_text":{"type":"string","description_kind":"plain","optional":true,"computed":true},"footer_element":{"type":"string","description_kind":"plain","optional":true,"computed":true}},"block_types":{"background_image":{"nesting_mode":"list","block":{"attributes":{"data":{"type":"string","description":"Represented as base 64 encoded string of the image byte array","description_kind":"markdown","optional":true,"computed":true}},"description_kind":"plain"}},"banner_image":{"nesting_mode":"list","block":{"attributes":{"data":{"type":"string","description":"Represented as base 64 encoded string of the image byte array","description_kind":"markdown","optional":true,"computed":true}},"description_kind":"plain"}},"desktop_logo_image":{"nesting_mode":"list","block":{"attributes":{"data":{"type":"string","description":"Represented as base 64 encoded string of the image byte array","description_kind":"markdown","optional":true,"computed":true}},"description_kind":"plain"}},"mobile_logo_image":{"nesting_mode":"list","block":{"attributes":{"data":{"type":"string","description":"Represented as base 64 encoded string of the image byte array","description_kind":"markdown","optional":true,"computed":true}},"description_kind":"plain"}}},"description_kind":"plain"}},"language":{"nesting_mode":"list","block":{"attributes":{"view_language":{"type":"string","description_kind":"plain","optional":true,"computed":true}},"description":"This property is supported only for Read operation and it allows to show the customizations in English. Other languages are not supported","description_kind":"markdown"}},"page_customizations":{"nesting_mode":"list","block":{"block_types":{"data":{"nesting_mode":"list","block":{"attributes":{"key":{"type":"string","description_kind":"plain","optional":true,"computed":true},"value":{"type":"string","description_kind":"plain","optional":true,"computed":true}},"description":"The Dictionary will be exposed here as key value pair","description_kind":"markdown"}}},"description":"Represent the entire page customization as a giant dictionary","description_kind":"markdown"}},"portal_theme":{"nesting_mode":"list","block":{"attributes":{"id":{"type":"string","description_kind":"plain","optional":true,"computed":true},"name":{"type":"string","description":"The system- or user-assigned name of the portal theme","description_kind":"markdown","optional":true,"computed":true},"theme_data":{"type":"string","description":"A CSS file, represented as a Base64-encoded byte array","description_kind":"markdown","optional":true,"computed":true}},"description_kind":"plain"}},"portal_tweak_settings":{"nesting_mode":"list","block":{"attributes":{"banner_color":{"type":"string","description":"Hex value of color","description_kind":"markdown","optional":true,"computed":true},"banner_text_color":{"type":"string","description_kind":"plain","optional":true,"computed":true},"page_background_color":{"type":"string","description_kind":"plain","optional":true,"computed":true},"page_label_and_text_color":{"type":"string","description_kind":"plain","optional":true,"computed":true}},"description":"The Tweak Settings are a customization of the Portal Theme that has been selected for the portal.\nWhen the Portal Theme selection is changed, the Tweak Settings are overwritten to match the values in the theme.\nThe Tweak Settings can subsequently be changed by the user","description_kind":"markdown"}}},"description":"Defines all of the Portal Customizations available","description_kind":"markdown"}},"settings":{"nesting_mode":"list","block":{"block_types":{"aup_settings":{"nesting_mode":"list","block":{"attributes":{"display_frequency":{"type":"string","description":"How the AUP should be displayed, either on page or as a link. Only valid if includeAup = true. Allowed Values:\n- FIRSTLOGIN,\n- EVERYLOGIN,\n- RECURRING","description_kind":"markdown","optional":true,"computed":true},"display_frequency_interval_days":{"type":"number","description":"Number of days between AUP confirmations (when displayFrequency = recurring)","description_kind":"markdown","optional":true,"computed":true},"include_aup":{"type":"string","description_kind":"plain","optional":true,"computed":true},"require_aup_scrolling":{"type":"string","description":"Require the portal user to scroll to the end of the AUP. Only valid if requireAupAcceptance = true","description_kind":"markdown","optional":true,"computed":true},"require_scrolling":{"type":"string","description_kind":"plain","optional":true,"computed":true},"skip_aup_for_employees":{"type":"string","description":"Only valid if requireAupAcceptance = true","description_kind":"markdown","optional":true,"computed":true},"use_diff_aup_for_employees":{"type":"string","description":"Only valid if requireAupAcceptance = true","description_kind":"markdown","optional":true,"computed":true}},"description_kind":"plain"}},"auth_success_settings":{"nesting_mode":"list","block":{"attributes":{"redirect_url":{"type":"string","description":"Target URL for redirection, used when successRedirect = URL","description_kind":"markdown","optional":true,"computed":true},"success_redirect":{"type":"string","description":"After an Authentication Success where should device be redirected.\nAllowed values:\n- AUTHSUCCESSPAGE,\n- ORIGINATINGURL,\n- URL","description_kind":"markdown","optional":true,"computed":true}},"description_kind":"plain"}},"byod_settings":{"nesting_mode":"list","block":{"block_types":{"byod_registration_settings":{"nesting_mode":"list","block":{"attributes":{"end_point_identity_group_id":{"type":"string","description":"Identity group id for which endpoint belongs","description_kind":"markdown","optional":true,"computed":true},"show_device_id":{"type":"string","description":"Display Device ID field during registration","description_kind":"markdown","optional":true,"computed":true}},"description":"Configuration of BYOD endpoint Registration step configuration","description_kind":"markdown"}},"byod_registration_success_settings":{"nesting_mode":"list","block":{"attributes":{"redirect_url":{"type":"string","description":"Target URL for redirection, used when successRedirect = URL","description_kind":"markdown","optional":true,"computed":true},"success_redirect":{"type":"string","description":"After an Authentication Success where should device be redirected. Allowed values:\n- AUTHSUCCESSPAGE,\n- ORIGINATINGURL,\n- URL","description_kind":"markdown","optional":true,"computed":true}},"description_kind":"plain"}},"byod_welcome_settings":{"nesting_mode":"list","block":{"attributes":{"aup_display":{"type":"string","description":"How the AUP should be displayed, either on page or as a link.\nOnly valid if includeAup = true.\nAllowed values:\n- ONPAGE,\n- ASLINK","description_kind":"markdown","optional":true,"computed":true},"enable_byo_d":{"type":"string","description_kind":"plain","optional":true,"computed":true},"enable_guest_access":{"type":"string","description_kind":"plain","optional":true,"computed":true},"include_aup":{"type":"string","description_kind":"plain","optional":true,"computed":true},"require_aup_acceptance":{"type":"string","description_kind":"plain","optional":true,"computed":true},"require_mdm":{"type":"string","description_kind":"plain","optional":true,"computed":true},"require_scrolling":{"type":"string","description":"Require BYOD devices to scroll down to the bottom of the AUP.\nOnly valid if includeAup = true","description_kind":"markdown","optional":true,"computed":true}},"description_kind":"plain"}}},"description_kind":"plain"}},"guest_change_password_settings":{"nesting_mode":"list","block":{"attributes":{"allow_change_passwd_at_first_login":{"type":"string","description":"Allow guest to change their own passwords","description_kind":"markdown","optional":true,"computed":true}},"description_kind":"plain"}},"guest_device_registration_settings":{"nesting_mode":"list","block":{"attributes":{"allow_guests_to_register_devices":{"type":"string","description":"Allow guests to register devices","description_kind":"markdown","optional":true,"computed":true},"auto_register_guest_devices":{"type":"string","description":"Automatically register guest devices","description_kind":"markdown","optional":true,"computed":true}},"description_kind":"plain"}},"login_page_settings":{"nesting_mode":"list","block":{"attributes":{"access_code":{"type":"string","description":"Access code that must be entered by the portal user (only valid if requireAccessCode = true)","description_kind":"markdown","optional":true,"computed":true},"allow_alternate_guest_portal":{"type":"string","description_kind":"plain","optional":true,"computed":true},"allow_forgot_password":{"type":"string","description_kind":"plain","optional":true,"computed":true},"allow_guest_to_change_password":{"type":"string","description":"Require the portal user to enter an access code","description_kind":"markdown","optional":true,"computed":true},"allow_guest_to_create_accounts":{"type":"string","description_kind":"plain","optional":true,"computed":true},"aup_display":{"type":"string","description":"How the AUP should be displayed, either on page or as a link.\nOnly valid if includeAup = true.\nAllowed values:\n-  ONPAGE,\n- ASLINK","description_kind":"markdown","optional":true,"computed":true},"include_aup":{"type":"string","description":"Include an Acceptable Use Policy (AUP) that should be displayed during login","description_kind":"markdown","optional":true,"computed":true},"max_failed_attempts_before_rate_limit":{"type":"number","description":"Maximum failed login attempts before rate limiting","description_kind":"markdown","optional":true,"computed":true},"require_access_code":{"type":"string","description_kind":"plain","optional":true,"computed":true},"require_aup_acceptance":{"type":"string","description":"Require the portal user to accept the AUP.\nOnly valid if includeAup = true","description_kind":"markdown","optional":true,"computed":true},"time_between_logins_during_rate_limit":{"type":"number","description":"Time between login attempts when rate limiting","description_kind":"markdown","optional":true,"computed":true}},"block_types":{"social_configs":{"nesting_mode":"list","block":{"attributes":{"social_media_type":{"type":"string","description_kind":"plain","optional":true,"computed":true},"social_media_value":{"type":"string","description_kind":"plain","optional":true,"computed":true}},"description_kind":"plain"}}},"description":"Portal Login Page settings groups follow","description_kind":"markdown"}},"portal_settings":{"nesting_mode":"list","block":{"attributes":{"allowed_interfaces":{"type":["list","string"],"description":"Interfaces that the portal will be reachable on.\nAllowed values:\n- eth0,\n- eth1,\n- eth2,\n- eth3,\n- eth4,\n- eth5,\n- bond0,\n- bond1,\n- bond2","description_kind":"markdown","optional":true,"computed":true},"always_used_language":{"type":"string","description_kind":"plain","optional":true,"computed":true},"assigned_guest_type_for_employee":{"type":"string","description":"Unique Id of a guest type.\nEmployees using this portal as a guest inherit login options from the guest type","description_kind":"markdown","optional":true,"computed":true},"authentication_method":{"type":"string","description":"Unique Id of the identity source sequence","description_kind":"markdown","optional":true,"computed":true},"certificate_group_tag":{"type":"string","description":"Logical name of the x.509 server certificate that will be used for the portal","description_kind":"markdown","optional":true,"computed":true},"display_lang":{"type":"string","description":"Allowed values:\n- USEBROWSERLOCALE,\n- ALWAYSUSE","description_kind":"markdown","optional":true,"computed":true},"fallback_language":{"type":"string","description":"Used when displayLang = USEBROWSERLOCALE","description_kind":"markdown","optional":true,"computed":true},"https_port":{"type":"number","description":"The port number that the allowed interfaces will listen on.\nRange from 8000 to 8999","description_kind":"markdown","optional":true,"computed":true}},"description":"The port, interface, certificate, and other basic settings of a portal","description_kind":"markdown"}},"post_access_banner_settings":{"nesting_mode":"list","block":{"attributes":{"include_post_access_banner":{"type":"string","description_kind":"plain","optional":true,"computed":true}},"description_kind":"plain"}},"post_login_banner_settings":{"nesting_mode":"list","block":{"attributes":{"include_post_access_banner":{"type":"string","description":"Include a Post-Login Banner page","description_kind":"markdown","optional":true,"computed":true}},"description_kind":"plain"}},"support_info_settings":{"nesting_mode":"list","block":{"attributes":{"default_empty_field_value":{"type":"string","description":"The default value displayed for an empty field.\nOnly valid when emptyFieldDisplay = DISPLAYWITHDEFAULTVALUE","description_kind":"markdown","optional":true,"computed":true},"empty_field_display":{"type":"string","description":"Specifies how empty fields are handled on the Support Information Page. Allowed values:\n- HIDE,\n- DISPLAYWITHNOVALUE,\n- DISPLAYWITHDEFAULTVALUE","description_kind":"markdown","optional":true,"computed":true},"include_browser_user_agent":{"type":"string","description_kind":"plain","optional":true,"computed":true},"include_failure_code":{"type":"string","description_kind":"plain","optional":true,"computed":true},"include_ip_address":{"type":"string","description_kind":"plain","optional":true,"computed":true},"include_mac_addr":{"type":"string","description_kind":"plain","optional":true,"computed":true},"include_policy_server":{"type":"string","description_kind":"plain","optional":true,"computed":true},"include_support_info_page":{"type":"string","description_kind":"plain","optional":true,"computed":true}},"description_kind":"plain"}}},"description":"Defines all of the settings groups available for a portal","description_kind":"markdown"}}},"description_kind":"plain"}}},"description":"It manages create, read, update and delete operations on SponsoredGuestPortal.\n\n- This resource allows the client to update a sponsored guest portal by ID.\n\n- This resource deletes a sponsored guest portal by ID.\n\n- This resource creates a sponsored guest portal.\n","description_kind":"markdown"}},"ciscoise_sxp_connections":{"version":0,"block":{"attributes":{"id":{"type":"string","description_kind":"plain","optional":true,"computed":true},"last_updated":{"type":"string","description_kind":"plain","computed":true}},"block_types":{"item":{"nesting_mode":"list","block":{"attributes":{"description":{"type":"string","description_kind":"plain","optional":true,"computed":true},"enabled":{"type":"string","description_kind":"plain","optional":true,"computed":true},"id":{"type":"string","description_kind":"plain","optional":true,"computed":true},"ip_address":{"type":"string","description_kind":"plain","optional":true,"computed":true},"link":{"type":["list",["object",{"href":"string","rel":"string","type":"string"}]],"description_kind":"plain","computed":true},"sxp_mode":{"type":"string","description_kind":"plain","optional":true,"computed":true},"sxp_node":{"type":"string","description_kind":"plain","optional":true,"computed":true},"sxp_peer":{"type":"string","description_kind":"plain","optional":true,"computed":true},"sxp_version":{"type":"string","description_kind":"plain","optional":true,"computed":true},"sxp_vpn":{"type":"string","description_kind":"plain","optional":true,"computed":true}},"description_kind":"plain"}}},"description":"It manages create, read, update and delete operations on SXPConnections.\n\n- This resource allows the client to update a SXP connection.\n\n- This resource deletes a SXP connection.\n\n- This resource creates a SXP connection.\n","description_kind":"markdown"}},"ciscoise_sxp_local_bindings":{"version":0,"block":{"attributes":{"id":{"type":"string","description_kind":"plain","optional":true,"computed":true},"last_updated":{"type":"string","description_kind":"plain","computed":true}},"block_types":{"item":{"nesting_mode":"list","block":{"attributes":{"binding_name":{"type":"string","description":"This field is depricated from Cisco ISE 3.0","description_kind":"markdown","optional":true,"computed":true},"description":{"type":"string","description_kind":"plain","optional":true,"computed":true},"id":{"type":"string","description_kind":"plain","optional":true,"computed":true},"ip_address_or_host":{"type":"string","description":"IP address for static mapping (hostname is not supported)","description_kind":"markdown","optional":true,"computed":true},"link":{"type":["list",["object",{"href":"string","rel":"string","type":"string"}]],"description_kind":"plain","computed":true},"sgt":{"type":"string","description":"SGT name or ID","description_kind":"markdown","optional":true,"computed":true},"sxp_vpn":{"type":"string","description":"List of SXP Domains, separated with comma. At least one of: sxpVpn or vns should be defined","description_kind":"markdown","optional":true,"computed":true},"vns":{"type":"string","description":"List of Virtual Networks, separated with comma. At least one of: sxpVpn or vns should be defined","description_kind":"markdown","optional":true,"computed":true}},"description_kind":"plain"}}},"description":"It manages create, read, update and delete operations on SXPLocalBindings.\n\n- This resource allows the client to update a SXP local binding.\n\n- This resource deletes a SXP local binding.\n\n- This resource creates a SXP local binding.\n","description_kind":"markdown"}},"ciscoise_sxp_vpns":{"version":0,"block":{"attributes":{"id":{"type":"string","description_kind":"plain","optional":true,"computed":true},"last_updated":{"type":"string","description_kind":"plain","computed":true}},"block_types":{"item":{"nesting_mode":"list","block":{"attributes":{"id":{"type":"string","description_kind":"plain","computed":true},"link":{"type":["list",["object",{"href":"string","rel":"string","type":"string"}]],"description_kind":"plain","computed":true},"sxp_vpn_name":{"type":"string","description_kind":"plain","optional":true,"computed":true}},"description_kind":"plain"}}},"description":"It manages create, read and delete operations on SXPVPNs.\n\n- This resource deletes a SXP VPN.\n\n- This resource creates a SXP VPN.\n","description_kind":"markdown"}},"ciscoise_system_certificate":{"version":0,"block":{"attributes":{"id":{"type":"string","description_kind":"plain","optional":true,"computed":true},"last_updated":{"type":"string","description_kind":"plain","computed":true}},"block_types":{"item":{"nesting_mode":"list","block":{"attributes":{"admin":{"type":"string","description":"Use certificate to authenticate the ISE Admin Portal","description_kind":"markdown","optional":true},"allow_replacement_of_portal_group_tag":{"type":"string","description":"Allow Replacement of Portal Group Tag (required)","description_kind":"markdown","optional":true},"description":{"type":"string","description":"Description of System Certificate","description_kind":"markdown","optional":true},"eap":{"type":"string","description":"Use certificate for EAP protocols that use SSL/TLS tunneling","description_kind":"markdown","optional":true},"expiration_date":{"type":"string","description":"The time and date past which the certificate is no longer valid","description_kind":"markdown","computed":true},"expiration_ttl_period":{"type":"number","description_kind":"plain","optional":true},"expiration_ttl_units":{"type":"string","description_kind":"plain","optional":true},"friendly_name":{"type":"string","description":"Friendly name of system certificate","description_kind":"markdown","computed":true},"group_tag":{"type":"string","description_kind":"plain","computed":true},"host_name":{"type":"string","description":"hostName path parameter. Name of Host whose certificate needs to be updated","description_kind":"markdown","optional":true},"id":{"type":"string","description":"ID of system certificate","description_kind":"markdown","computed":true},"ims":{"type":"string","description":"Use certificate for the ISE Messaging Service","description_kind":"markdown","optional":true},"issued_by":{"type":"string","description":"Common Name of the certificate issuer","description_kind":"markdown","computed":true},"issued_to":{"type":"string","description":"Common Name of the certificate subject","description_kind":"markdown","computed":true},"key_size":{"type":"number","description":"The length of key used for encrypting system certificate","description_kind":"markdown","computed":true},"link":{"type":["list",["object",{"href":"string","rel":"string","type":"string"}]],"description_kind":"plain","computed":true},"name":{"type":"string","description":"Name of the certificate","description_kind":"markdown","optional":true},"portal":{"type":"string","description":"Use for portal","description_kind":"markdown","optional":true},"portal_group_tag":{"type":"string","description":"Set Group tag","description_kind":"markdown","optional":true},"portals_using_the_tag":{"type":"string","description_kind":"plain","computed":true},"pxgrid":{"type":"string","description":"Use certificate for the pxGrid Controller","description_kind":"markdown","optional":true},"radius":{"type":"string","description":"Use certificate for the RADSec server","description_kind":"markdown","optional":true},"renew_self_signed_certificate":{"type":"string","description":"Renew Self Signed Certificate","description_kind":"markdown","optional":true},"saml":{"type":"string","description":"Use certificate for SAML Signing","description_kind":"markdown","optional":true},"self_signed":{"type":"string","description_kind":"plain","computed":true},"serial_number_decimal_format":{"type":"string","description":"Used to uniquely identify the certificate within a CA's systems","description_kind":"markdown","computed":true},"sha256_fingerprint":{"type":"string","description_kind":"plain","computed":true},"signature_algorithm":{"type":"string","description_kind":"plain","computed":true},"used_by":{"type":"string","description_kind":"plain","computed":true},"valid_from":{"type":"string","description":"The time and date on which the certificate was created, also known as the Not Before certificate attribute","description_kind":"markdown","computed":true}},"description_kind":"plain"}}},"description":"It manages read, update and delete operations on Certificates.\n\n- Update a System Certificate.\n\nNOTE:\nRenewing a certificate will cause an application server restart on the selected node.\n\nNOTE:\nRequest Parameters accepting True and False as input can be replaced by 1 and 0 respectively.\n\n\n- This resource deletes a System Certificate of a particular node based on a given HostName and ID.\n","description_kind":"markdown"}},"ciscoise_tacacs_command_sets":{"version":0,"block":{"attributes":{"id":{"type":"string","description_kind":"plain","optional":true,"computed":true},"last_updated":{"type":"string","description_kind":"plain","computed":true}},"block_types":{"item":{"nesting_mode":"list","block":{"attributes":{"description":{"type":"string","description_kind":"plain","optional":true,"computed":true},"id":{"type":"string","description_kind":"plain","optional":true,"computed":true},"link":{"type":["list",["object",{"href":"string","rel":"string","type":"string"}]],"description_kind":"plain","computed":true},"name":{"type":"string","description_kind":"plain","optional":true,"computed":true},"permit_unmatched":{"type":"string","description_kind":"plain","optional":true,"computed":true}},"block_types":{"commands":{"nesting_mode":"list","block":{"block_types":{"command_list":{"nesting_mode":"list","block":{"attributes":{"arguments":{"type":"string","description_kind":"plain","optional":true,"computed":true},"command":{"type":"string","description_kind":"plain","optional":true,"computed":true},"grant":{"type":"string","description":"Allowed values: PERMIT, DENY, DENY_ALWAYS","description_kind":"markdown","optional":true,"computed":true}},"description_kind":"plain"}}},"description_kind":"plain"}}},"description_kind":"plain"}}},"description":"It manages create, read, update and delete operations on TACACSCommandSets.\n\n- This resource allows the client to update TACACS command sets.\n\n- This resource deletes TACACS command sets.\n\n- This resource creates TACACS command sets.\n","description_kind":"markdown"}},"ciscoise_tacacs_external_servers":{"version":0,"block":{"attributes":{"id":{"type":"string","description_kind":"plain","optional":true,"computed":true},"last_updated":{"type":"string","description_kind":"plain","computed":true}},"block_types":{"item":{"nesting_mode":"list","block":{"attributes":{"connection_port":{"type":"number","description":"The port to connect the server","description_kind":"markdown","optional":true,"computed":true},"description":{"type":"string","description_kind":"plain","optional":true,"computed":true},"host_ip":{"type":"string","description":"The server IPV4 address","description_kind":"markdown","optional":true,"computed":true},"id":{"type":"string","description_kind":"plain","optional":true,"computed":true},"link":{"type":["list",["object",{"href":"string","rel":"string","type":"string"}]],"description_kind":"plain","computed":true},"name":{"type":"string","description_kind":"plain","optional":true,"computed":true},"shared_secret":{"type":"string","description":"The server shared secret","description_kind":"markdown","optional":true,"computed":true},"single_connect":{"type":"string","description":"Define the use of single connection","description_kind":"markdown","optional":true,"computed":true},"timeout":{"type":"number","description":"The server timeout","description_kind":"markdown","optional":true,"computed":true}},"description_kind":"plain"}}},"description":"It manages create, read, update and delete operations on TACACSExternalServers.\n\n- This resource allows the client to update TACACS external servers.\n\n- This resource deletes TACACS external servers.\n\n- This resource creates TACACS external servers.\n","description_kind":"markdown"}},"ciscoise_tacacs_profile":{"version":0,"block":{"attributes":{"id":{"type":"string","description_kind":"plain","optional":true,"computed":true},"last_updated":{"type":"string","description_kind":"plain","computed":true}},"block_types":{"item":{"nesting_mode":"list","block":{"attributes":{"description":{"type":"string","description_kind":"plain","optional":true,"computed":true},"id":{"type":"string","description_kind":"plain","optional":true,"computed":true},"link":{"type":["list",["object",{"href":"string","rel":"string","type":"string"}]],"description_kind":"plain","computed":true},"name":{"type":"string","description_kind":"plain","optional":true,"computed":true}},"block_types":{"session_attributes":{"nesting_mode":"list","block":{"block_types":{"session_attribute_list":{"nesting_mode":"list","block":{"attributes":{"name":{"type":"string","description_kind":"plain","optional":true,"computed":true},"type":{"type":"string","description":"Allowed values: MANDATORY, OPTIONAL","description_kind":"markdown","optional":true,"computed":true},"value":{"type":"string","description_kind":"plain","optional":true,"computed":true}},"description_kind":"plain"}}},"description":"Holds list of session attributes. View type for GUI is Shell by default","description_kind":"markdown"}}},"description_kind":"plain"}}},"description":"It manages create, read, update and delete operations on TACACSProfile.\n\n- This resource allows the client to update a TACACS profile.\n\n- This resource deletes a TACACS profile.\n\n- This resource creates a TACACS profile.\n","description_kind":"markdown"}},"ciscoise_tacacs_server_sequence":{"version":0,"block":{"attributes":{"id":{"type":"string","description_kind":"plain","optional":true,"computed":true},"last_updated":{"type":"string","description_kind":"plain","computed":true}},"block_types":{"item":{"nesting_mode":"list","block":{"attributes":{"description":{"type":"string","description_kind":"plain","optional":true,"computed":true},"id":{"type":"string","description_kind":"plain","optional":true,"computed":true},"link":{"type":["list",["object",{"href":"string","rel":"string","type":"string"}]],"description_kind":"plain","computed":true},"local_accounting":{"type":"string","description_kind":"plain","optional":true,"computed":true},"name":{"type":"string","description_kind":"plain","optional":true,"computed":true},"prefix_delimiter":{"type":"string","description":"The delimiter that will be used for prefix strip","description_kind":"markdown","optional":true,"computed":true},"prefix_strip":{"type":"string","description":"Define if a delimiter will be used for prefix strip","description_kind":"markdown","optional":true,"computed":true},"remote_accounting":{"type":"string","description_kind":"plain","optional":true,"computed":true},"server_list":{"type":"string","description":"The names of Tacacs external servers separated by commas.\nThe order of the names in the string is the order of servers that will be used during authentication","description_kind":"markdown","optional":true,"computed":true},"suffix_delimiter":{"type":"string","description":"The delimiter that will be used for suffix strip","description_kind":"markdown","optional":true,"computed":true},"suffix_strip":{"type":"string","description":"Define if a delimiter will be used for suffix strip","description_kind":"markdown","optional":true,"computed":true}},"description_kind":"plain"}}},"description":"It manages create, read, update and delete operations on TacacsServerSequence.\n\n- This resource allows the client to update a TACACS server sequence.\n\n- This resource deletes a TACACS server sequence.\n\n- This resource creates a TACACS server sequence.\n","description_kind":"markdown"}},"ciscoise_trusted_certificate":{"version":0,"block":{"attributes":{"id":{"type":"string","description_kind":"plain","optional":true,"computed":true},"last_updated":{"type":"string","description_kind":"plain","computed":true}},"block_types":{"item":{"nesting_mode":"list","block":{"attributes":{"authenticate_before_crl_received":{"type":"string","description":"Switch to enable/disable CRL Verification if CRL is not Received\n  ERROR: Different types for param authenticateBeforeCRLReceived schema.TypeBool schema.TypeString","description_kind":"markdown","optional":true,"computed":true},"automatic_crl_update":{"type":"string","description":"Switch to enable/disable automatic CRL update\n  ERROR: Different types for param automaticCRLUpdate schema.TypeBool schema.TypeString","description_kind":"markdown","optional":true,"computed":true},"automatic_crl_update_period":{"type":"number","description":"Automatic CRL update period\n  ERROR: Different types for param automaticCRLUpdatePeriod schema.TypeInt schema.TypeString","description_kind":"markdown","optional":true,"computed":true},"automatic_crl_update_units":{"type":"string","description":"Unit of time for automatic CRL update","description_kind":"markdown","optional":true,"computed":true},"crl_distribution_url":{"type":"string","description":"CRL Distribution URL","description_kind":"markdown","optional":true,"computed":true},"crl_download_failure_retries":{"type":"number","description":"If CRL download fails, wait time before retry\n  ERROR: Different types for param crlDownloadFailureRetries schema.TypeInt schema.TypeString","description_kind":"markdown","optional":true,"computed":true},"crl_download_failure_retries_units":{"type":"string","description":"Unit of time before retry if CRL download fails","description_kind":"markdown","optional":true,"computed":true},"description":{"type":"string","description":"Description for trust certificate","description_kind":"markdown","optional":true,"computed":true},"download_crl":{"type":"string","description":"Switch to enable/disable download of CRL\n  ERROR: Different types for param downloadCRL schema.TypeBool schema.TypeString","description_kind":"markdown","optional":true,"computed":true},"enable_ocsp_validation":{"type":"string","description":"Switch to enable/disable OCSP Validation\n  ERROR: Different types for param enableOCSPValidation schema.TypeBool schema.TypeString","description_kind":"markdown","optional":true,"computed":true},"enable_server_identity_check":{"type":"string","description":"Switch to enable/disable verification if HTTPS or LDAP server certificate name fits the configured server URL\n  ERROR: Different types for param enableServerIdentityCheck schema.TypeBool schema.TypeString","description_kind":"markdown","optional":true,"computed":true},"expiration_date":{"type":"string","description":"The time and date past which the certificate is no longer valid","description_kind":"markdown","computed":true},"friendly_name":{"type":"string","description":"Friendly name of trust certificate","description_kind":"markdown","computed":true},"id":{"type":"string","description":"ID of trust certificate","description_kind":"markdown","optional":true},"ignore_crl_expiration":{"type":"string","description":"Switch to enable/disable ignore CRL Expiration\n  ERROR: Different types for param ignoreCRLExpiration schema.TypeBool schema.TypeString","description_kind":"markdown","optional":true,"computed":true},"internal_ca":{"type":"string","description_kind":"plain","computed":true},"is_referred_in_policy":{"type":"string","description_kind":"plain","computed":true},"issued_by":{"type":"string","description":"The entity that verified the information and signed the certificate","description_kind":"markdown","computed":true},"issued_to":{"type":"string","description":"Entity to which trust certificate is issued","description_kind":"markdown","computed":true},"key_size":{"type":"string","description":"The length of key used for encrypting trust certificate","description_kind":"markdown","computed":true},"link":{"type":["list",["object",{"href":"string","rel":"string","type":"string"}]],"description_kind":"plain","computed":true},"name":{"type":"string","description":"Friendly name of the certificate","description_kind":"markdown","required":true},"non_automatic_crl_update_period":{"type":"number","description":"Non automatic CRL update period\n  ERROR: Different types for param nonAutomaticCRLUpdatePeriod schema.TypeInt schema.TypeString","description_kind":"markdown","optional":true,"computed":true},"non_automatic_crl_update_units":{"type":"string","description":"Unit of time of non automatic CRL update","description_kind":"markdown","optional":true,"computed":true},"reject_if_no_status_from_ocs_p":{"type":"string","description":"Switch to reject certificate if there is no status from OCSP\n  ERROR: Different types for param rejectIfNoStatusFromOCSP schema.TypeBool schema.TypeString","description_kind":"markdown","optional":true,"computed":true},"reject_if_unreachable_from_ocs_p":{"type":"string","description":"Switch to reject certificate if unreachable from OCSP\n  ERROR: Different types for param rejectIfUnreachableFromOCSP schema.TypeBool schema.TypeString","description_kind":"markdown","optional":true,"computed":true},"selected_ocsp_service":{"type":"string","description":"Name of selected OCSP Service","description_kind":"markdown","optional":true,"computed":true},"serial_number_decimal_format":{"type":"string","description":"Used to uniquely identify the certificate within a CA's systems","description_kind":"markdown","computed":true},"sha256_fingerprint":{"type":"string","description_kind":"plain","computed":true},"signature_algorithm":{"type":"string","description":"Algorithm used for encrypting trust certificate","description_kind":"markdown","computed":true},"status":{"type":"string","description_kind":"plain","optional":true,"computed":true},"subject":{"type":"string","description":"The Subject or entity with which public key of trust certificate is associated","description_kind":"markdown","computed":true},"trust_for_certificate_based_admin_auth":{"type":"string","description":"Trust for Certificate based Admin authentication","description_kind":"markdown","optional":true},"trust_for_cisco_services_auth":{"type":"string","description":"Trust for authentication of Cisco Services","description_kind":"markdown","optional":true},"trust_for_client_auth":{"type":"string","description":"Trust for client authentication and Syslog","description_kind":"markdown","optional":true},"trust_for_ise_auth":{"type":"string","description":"Trust for authentication within ISE","description_kind":"markdown","optional":true},"trusted_for":{"type":"string","description":"Different services for which the certificated is trusted","description_kind":"markdown","computed":true},"valid_from":{"type":"string","description":"The earliest time and date on which the certificate is valid","description_kind":"markdown","computed":true}},"description_kind":"plain"}}},"description":"It manages read, update and delete operations on Certificates.\n  \n  - Update a trusted certificate present in ISE trust store.\n  \n  \n  - This resource deletes a Trust Certificate from Trusted Certificate Store based on a given ID.\n  ","description_kind":"markdown"}}},"data_source_schemas":{"ciscoise_aci_bindings":{"version":0,"block":{"attributes":{"filter_by":{"type":["list","string"],"description":"filterBy query parameter.","description_kind":"markdown","optional":true},"filter_value":{"type":["list","string"],"description":"filterValue query parameter.","description_kind":"markdown","optional":true},"id":{"type":"string","description_kind":"plain","optional":true,"computed":true},"item":{"type":["list",["object",{"description":"string","id":"string","ip":"string","learned_by":"string","learned_from":"string","name":"string","psn":"string","sgt_value":"string","vn":"string"}]],"description_kind":"plain","computed":true},"page":{"type":"number","description":"page query parameter. Page number","description_kind":"markdown","optional":true},"size":{"type":"number","description":"size query parameter. Number of objects returned per page","description_kind":"markdown","optional":true},"sort":{"type":"string","description":"sort query parameter. sort type asc or desc","description_kind":"markdown","optional":true},"sort_by":{"type":"string","description":"sortBy query parameter. sort column by which objects needs to be sorted","description_kind":"markdown","optional":true}},"description":"It performs read operation on ACIBindings.\n\n- This data source allows clients to retrieve all the bindings that were sent to Cisco ISE by ACI or received on ACI\nfrom Cisco ISE.The binding information will be identical to the information on ACI bindings page in the Cisco ISE UI.\nFiltering will be based on one attribute only, such as ip/sgt/vn/psn/learnedFrom/learnedBy with CONTAINS mode of search.\n","description_kind":"markdown"}},"ciscoise_aci_settings":{"version":0,"block":{"attributes":{"id":{"type":"string","description_kind":"plain","optional":true,"computed":true},"item":{"type":["list",["object",{"aci50":"string","aci51":"string","aciipaddress":"string","acipassword":"string","aciuser_name":"string","admin_name":"string","admin_password":"string","all_sxp_domain":"string","default_sgt_name":"string","enable_aci":"string","enable_data_plane":"string","enable_elements_limit":"string","id":"string","ip_address_host_name":"string","l3_route_network":"string","max_num_iepg_from_aci":"number","max_num_sgt_to_aci":"number","specific_sxp_domain":"string","specifix_sxp_domain_list":["list","string"],"suffix_to_epg":"string","suffix_to_sgt":"string","tenant_name":"string","untagged_packet_iepg_name":"string"}]],"description_kind":"plain","computed":true}},"description":"It performs read operation on ACISettings.\n\n- This data source allows the client to get ACI Settings.\n","description_kind":"markdown"}},"ciscoise_aci_test_connectivity":{"version":0,"block":{"attributes":{"id":{"type":"string","description_kind":"plain","optional":true,"computed":true},"item":{"type":["list",["object",{"result":"string"}]],"description_kind":"plain","computed":true}},"description":"It performs update operation on ACISettings.\n\n- This data source action allows the client to test ACI Domain Manager connection.\n","description_kind":"markdown"}},"ciscoise_active_directory":{"version":0,"block":{"attributes":{"id":{"type":"string","description":"id path parameter.","description_kind":"markdown","optional":true},"item_id":{"type":["list",["object",{"ad_attributes":["list",["object",{"attributes":["list",["object",{"default_value":"string","internal_name":"string","name":"string","type":"string"}]]}]],"ad_scopes_names":"string","adgroups":["list",["object",{"groups":["list",["object",{"name":"string","sid":"string","type":"string"}]]}]],"advanced_settings":["list",["object",{"aging_time":"number","auth_protection_type":"string","country":"string","department":"string","email":"string","enable_callback_for_dialin_client":"string","enable_dialin_permission_check":"string","enable_failed_auth_protection":"string","enable_machine_access":"string","enable_machine_auth":"string","enable_pass_change":"string","enable_rewrites":"string","failed_auth_threshold":"number","first_name":"string","identity_not_in_ad_behaviour":"string","job_title":"string","last_name":"string","locality":"string","organizational_unit":"string","plaintext_auth":"string","rewrite_rules":["list",["object",{"rewrite_match":"string","rewrite_result":"string","row_id":"number"}]],"schema":"string","state_or_province":"string","street_address":"string","telephone":"string","unreachable_domains_behaviour":"string"}]],"description":"string","domain":"string","enable_domain_allowed_list":"string","enable_domain_white_list":"string","id":"string","link":["list",["object",{"href":"string","rel":"string","type":"string"}]],"name":"string"}]],"description_kind":"plain","computed":true},"item_name":{"type":["list",["object",{"ad_attributes":["list",["object",{"attributes":["list",["object",{"default_value":"string","internal_name":"string","name":"string","type":"string"}]]}]],"ad_scopes_names":"string","adgroups":["list",["object",{"groups":["list",["object",{"name":"string","sid":"string","type":"string"}]]}]],"advanced_settings":["list",["object",{"aging_time":"number","auth_protection_type":"string","country":"string","department":"string","email":"string","enable_callback_for_dialin_client":"string","enable_dialin_permission_check":"string","enable_failed_auth_protection":"string","enable_machine_access":"string","enable_machine_auth":"string","enable_pass_change":"string","enable_rewrites":"string","failed_auth_threshold":"number","first_name":"string","identity_not_in_ad_behaviour":"string","job_title":"string","last_name":"string","locality":"string","organizational_unit":"string","plaintext_auth":"string","rewrite_rules":["list",["object",{"rewrite_match":"string","rewrite_result":"string","row_id":"number"}]],"schema":"string","state_or_province":"string","street_address":"string","telephone":"string","unreachable_domains_behaviour":"string"}]],"description":"string","domain":"string","enable_domain_allowed_list":"string","enable_domain_white_list":"string","id":"string","link":["list",["object",{"href":"string","rel":"string","type":"string"}]],"name":"string"}]],"description_kind":"plain","computed":true},"items":{"type":["list",["object",{"description":"string","id":"string","link":["list",["object",{"href":"string","rel":"string","type":"string"}]],"name":"string"}]],"description_kind":"plain","computed":true},"name":{"type":"string","description":"name path parameter.","description_kind":"markdown","optional":true},"page":{"type":"number","description":"page query parameter. Page number","description_kind":"markdown","optional":true},"size":{"type":"number","description":"size query parameter. Number of objects returned per page","description_kind":"markdown","optional":true}},"description":"It performs read operation on ActiveDirectory.\n\n- This data source allows the client to get Active Directory by name.\n\n- This data source fetchs the join point details by ID. The ID can be retrieved with the Get All operation.\n\n- This data source lists all the join points for Active Directory domains in Cisco ISE.\n","description_kind":"markdown"}},"ciscoise_active_directory_add_groups":{"version":0,"block":{"attributes":{"ad_scopes_names":{"type":"string","description":"String that contains the names of the scopes that the active directory belongs to. Names are separated by comma. Alphanumeric, underscore (_) characters are allowed","description_kind":"markdown","optional":true},"description":{"type":"string","description":"No character restriction","description_kind":"markdown","optional":true},"domain":{"type":"string","description":"The AD domain. Alphanumeric, hyphen (-) and dot (.) characters are allowed","description_kind":"markdown","optional":true},"enable_domain_white_list":{"type":"string","description_kind":"plain","optional":true},"id":{"type":"string","description":"id path parameter.","description_kind":"markdown","required":true},"item":{"type":"string","description_kind":"plain","computed":true},"name":{"type":"string","description":"Resource Name. Maximum 32 characters allowed. Allowed characters are alphanumeric and .-_/\\\\ characters","description_kind":"markdown","optional":true}},"block_types":{"ad_attributes":{"nesting_mode":"list","block":{"block_types":{"attributes":{"nesting_mode":"list","block":{"attributes":{"default_value":{"type":"string","description":"Required for each attribute in the attribute list. Can contain an empty string. All characters are allowed except \u003c%\"","description_kind":"markdown","optional":true},"internal_name":{"type":"string","description":"Required for each attribute in the attribute list. All characters are allowed except \u003c%\"","description_kind":"markdown","optional":true},"name":{"type":"string","description":"Required for each attribute in the attribute list with no duplication between attributes. All characters are allowed except \u003c%\"","description_kind":"markdown","optional":true},"type":{"type":"string","description":"Required for each group in the group list. Allowed values: STRING, IP, BOOLEAN, INT, OCTET_STRING","description_kind":"markdown","optional":true}},"description":"List of Attributes","description_kind":"markdown"}}},"description":"Holds list of AD Attributes","description_kind":"markdown"}},"adgroups":{"nesting_mode":"list","block":{"block_types":{"groups":{"nesting_mode":"list","block":{"attributes":{"name":{"type":"string","description":"Required for each group in the group list with no duplication between groups. All characters are allowed except %","description_kind":"markdown","optional":true},"sid":{"type":"string","description":"Cisco ISE uses security identifiers (SIDs) for optimization of group membership evaluation. SIDs are useful for efficiency (speed) when the groups are evaluated. All characters are allowed except %","description_kind":"markdown","optional":true},"type":{"type":"string","description":"No character restriction","description_kind":"markdown","optional":true}},"description":"List of Groups","description_kind":"markdown"}}},"description":"Holds list of AD Groups","description_kind":"markdown"}},"advanced_settings":{"nesting_mode":"list","block":{"attributes":{"aging_time":{"type":"number","description":"Range 1-8760 hours","description_kind":"markdown","optional":true},"auth_protection_type":{"type":"string","description":"Enable prevent AD account lockout. Allowed values:\n- WIRELESS,\n- WIRED,\n- BOTH","description_kind":"markdown","optional":true},"country":{"type":"string","description":"User info attribute. All characters are allowed except %","description_kind":"markdown","optional":true},"department":{"type":"string","description":"User info attribute. All characters are allowed except %","description_kind":"markdown","optional":true},"email":{"type":"string","description":"User info attribute. All characters are allowed except %","description_kind":"markdown","optional":true},"enable_callback_for_dialin_client":{"type":"string","description_kind":"plain","optional":true},"enable_dialin_permission_check":{"type":"string","description_kind":"plain","optional":true},"enable_failed_auth_protection":{"type":"string","description":"Enable prevent AD account lockout due to too many bad password attempts","description_kind":"markdown","optional":true},"enable_machine_access":{"type":"string","description_kind":"plain","optional":true},"enable_machine_auth":{"type":"string","description_kind":"plain","optional":true},"enable_pass_change":{"type":"string","description_kind":"plain","optional":true},"enable_rewrites":{"type":"string","description_kind":"plain","optional":true},"failed_auth_threshold":{"type":"number","description":"Number of bad password attempts","description_kind":"markdown","optional":true},"first_name":{"type":"string","description":"User info attribute. All characters are allowed except %","description_kind":"markdown","optional":true},"identity_not_in_ad_behaviour":{"type":"string","description":"Allowed values: REJECT, SEARCH_JOINED_FOREST, SEARCH_ALL","description_kind":"markdown","optional":true},"job_title":{"type":"string","description":"User info attribute. All characters are allowed except %","description_kind":"markdown","optional":true},"last_name":{"type":"string","description":"User info attribute. All characters are allowed except %","description_kind":"markdown","optional":true},"locality":{"type":"string","description":"User info attribute. All characters are allowed except %","description_kind":"markdown","optional":true},"organizational_unit":{"type":"string","description":"User info attribute. All characters are allowed except %","description_kind":"markdown","optional":true},"plaintext_auth":{"type":"string","description_kind":"plain","optional":true},"schema":{"type":"string","description":"Allowed values: ACTIVE_DIRECTORY, CUSTOM.\nChoose ACTIVE_DIRECTORY schema when the AD attributes defined in AD can be copied to relevant attributes\nin Cisco ISE. If customization is needed, choose CUSTOM schema. All User info attributes are always set to\ndefault value if schema is ACTIVE_DIRECTORY. Values can be changed only for CUSTOM schema","description_kind":"markdown","optional":true},"state_or_province":{"type":"string","description":"User info attribute. All characters are allowed except %","description_kind":"markdown","optional":true},"street_address":{"type":"string","description":"User info attribute. All characters are allowed except %","description_kind":"markdown","optional":true},"telephone":{"type":"string","description":"User info attribute. All characters are allowed except %","description_kind":"markdown","optional":true},"unreachable_domains_behaviour":{"type":"string","description":"Allowed values: PROCEED, DROP","description_kind":"markdown","optional":true}},"block_types":{"rewrite_rules":{"nesting_mode":"list","block":{"attributes":{"rewrite_match":{"type":"string","description":"Required for each rule in the list with no duplication between rules. All characters are allowed except %\"","description_kind":"markdown","optional":true},"rewrite_result":{"type":"string","description":"Required for each rule in the list. All characters are allowed except %\"","description_kind":"markdown","optional":true},"row_id":{"type":"number","description":"Required for each rule in the list in serial order","description_kind":"markdown","optional":true}},"description":"Identity rewrite is an advanced feature that directs Cisco ISE to manipulate the identity\nbefore it is passed to the external Active Directory system. You can create rules to change\nthe identity to a desired format that includes or excludes a domain prefix and/or suffix or\nother additional markup of your choice","description_kind":"markdown"}}},"description_kind":"plain"}}},"description":"It performs update operation on ActiveDirectory.\n\n- This data source action loads domain groups configuration from Active Directory into Cisco ISE.\n","description_kind":"markdown"}},"ciscoise_active_directory_get_groups_by_domain_info":{"version":0,"block":{"attributes":{"id":{"type":"string","description":"id path parameter.","description_kind":"markdown","required":true},"item":{"type":["list",["object",{"groups":["list",["object",{"group_name":"string","sid":"string","type":"string"}]]}]],"description_kind":"plain","computed":true}},"block_types":{"additional_data":{"nesting_mode":"list","block":{"attributes":{"name":{"type":"string","description_kind":"plain","optional":true},"value":{"type":"string","description_kind":"plain","optional":true}},"description_kind":"plain"}}},"description":"It performs update operation on ActiveDirectory.\n\n- This data source action lists the groups of the given domain.\n","description_kind":"markdown"}},"ciscoise_active_directory_get_trusted_domains_info":{"version":0,"block":{"attributes":{"id":{"type":"string","description":"id path parameter.","description_kind":"markdown","required":true},"item":{"type":["list",["object",{"domains":["list",["object",{"dns_name":"string","forest":"string","unusable_reason":"string"}]]}]],"description_kind":"plain","computed":true}},"description":"It performs update operation on ActiveDirectory.\n\n- This data source action gets the list of domains that are accessible through the given join point via trust\nrelationships.\n","description_kind":"markdown"}},"ciscoise_active_directory_get_user_groups_info":{"version":0,"block":{"attributes":{"id":{"type":"string","description":"id path parameter.","description_kind":"markdown","required":true},"item":{"type":["list",["object",{"groups":["list",["object",{"group_name":"string","sid":"string","type":"string"}]]}]],"description_kind":"plain","computed":true}},"block_types":{"additional_data":{"nesting_mode":"list","block":{"attributes":{"name":{"type":"string","description_kind":"plain","optional":true},"value":{"type":"string","description_kind":"plain","optional":true}},"description_kind":"plain"}}},"description":"It performs update operation on ActiveDirectory.\n\n- This data source action allows the client to get groups of which a given user is a member.\n","description_kind":"markdown"}},"ciscoise_active_directory_is_user_member_of_group":{"version":0,"block":{"attributes":{"id":{"type":"string","description":"id path parameter.","description_kind":"markdown","required":true},"item":{"type":["list",["object",{"groups":["list",["object",{"group_name":"string","sid":"string","type":"string"}]]}]],"description_kind":"plain","computed":true}},"block_types":{"additional_data":{"nesting_mode":"list","block":{"attributes":{"name":{"type":"string","description_kind":"plain","optional":true},"value":{"type":"string","description_kind":"plain","optional":true}},"description_kind":"plain"}}},"description":"It performs update operation on ActiveDirectory.\n\n- This data source action verifies if the user is a member of the given groups.\n","description_kind":"markdown"}},"ciscoise_active_directory_join_domain":{"version":0,"block":{"attributes":{"id":{"type":"string","description":"id path parameter.","description_kind":"markdown","required":true},"item":{"type":"string","description_kind":"plain","computed":true}},"block_types":{"additional_data":{"nesting_mode":"list","block":{"attributes":{"name":{"type":"string","description_kind":"plain","optional":true},"value":{"type":"string","description_kind":"plain","optional":true}},"description_kind":"plain"}}},"description":"It performs update operation on ActiveDirectory.\n\n- This data source action joins a Cisco ISE node to an Active Directory domain.\n","description_kind":"markdown"}},"ciscoise_active_directory_join_domain_with_all_nodes":{"version":0,"block":{"attributes":{"id":{"type":"string","description":"id path parameter.","description_kind":"markdown","required":true},"item":{"type":"string","description_kind":"plain","computed":true}},"block_types":{"additional_data":{"nesting_mode":"list","block":{"attributes":{"name":{"type":"string","description_kind":"plain","optional":true},"value":{"type":"string","description_kind":"plain","optional":true}},"description_kind":"plain"}}},"description":"It performs update operation on ActiveDirectory.\n\n- This data source action joins all Cisco ISE Nodes to an Active Directory domain.\n","description_kind":"markdown"}},"ciscoise_active_directory_leave_domain":{"version":0,"block":{"attributes":{"id":{"type":"string","description":"id path parameter.","description_kind":"markdown","required":true},"item":{"type":"string","description_kind":"plain","computed":true}},"block_types":{"additional_data":{"nesting_mode":"list","block":{"attributes":{"name":{"type":"string","description_kind":"plain","optional":true},"value":{"type":"string","description_kind":"plain","optional":true}},"description_kind":"plain"}}},"description":"It performs update operation on ActiveDirectory.\n\n- This data source action makes a Cisco ISE node to leave an Active Directory domain.\n","description_kind":"markdown"}},"ciscoise_active_directory_leave_domain_with_all_nodes":{"version":0,"block":{"attributes":{"id":{"type":"string","description":"id path parameter.","description_kind":"markdown","required":true},"item":{"type":"string","description_kind":"plain","computed":true}},"block_types":{"additional_data":{"nesting_mode":"list","block":{"attributes":{"name":{"type":"string","description_kind":"plain","optional":true},"value":{"type":"string","description_kind":"plain","optional":true}},"description_kind":"plain"}}},"description":"It performs update operation on ActiveDirectory.\n\n- This data source action joins makes all Cisco ISE nodes leave an Active Directory domain.\n","description_kind":"markdown"}},"ciscoise_admin_user":{"version":0,"block":{"attributes":{"filter":{"type":["list","string"],"description":"filter query parameter. \n\n**Simple filtering** should be available through the filter query string parameter. The structure of a filter is\na triplet of field operator and value separated with dots. More than one filter can be sent. The logical operator\ncommon to ALL filter criteria will be by default AND, and can be changed by using the \"filterType=or\" query\nstring parameter. Each resource Data model description should specify if an attribute is a filtered field.\n\n\n\n              Operator    | Description \n\n              ------------|----------------\n\n              EQ          | Equals \n\n              NEQ         | Not Equals \n\n              GT          | Greater Than \n\n              LT          | Less Then \n\n              STARTSW     | Starts With \n\n              NSTARTSW    | Not Starts With \n\n              ENDSW       | Ends With \n\n              NENDSW      | Not Ends With \n\n              CONTAINS\t  | Contains \n\n              NCONTAINS\t  | Not Contains \n\n","description_kind":"markdown","optional":true},"filter_type":{"type":"string","description":"filterType query parameter. The logical operator common to ALL filter criteria will be by default AND, and can be changed by using the parameter","description_kind":"markdown","optional":true},"id":{"type":"string","description":"id path parameter.","description_kind":"markdown","optional":true},"item":{"type":["list",["object",{"admin_groups":"string","change_password":"string","custom_attributes":["map","string"],"description":"string","enabled":"string","external_user":"string","id":"string","inactive_account_never_disabled":"string","include_system_alarms_in_email":"string","link":["list",["object",{"href":"string","rel":"string","type":"string"}]],"name":"string","password":"string"}]],"description_kind":"plain","computed":true},"items":{"type":["list",["object",{"description":"string","id":"string","link":["list",["object",{"href":"string","rel":"string","type":"string"}]],"name":"string"}]],"description_kind":"plain","computed":true},"page":{"type":"number","description":"page query parameter. Page number","description_kind":"markdown","optional":true},"size":{"type":"number","description":"size query parameter. Number of objects returned per page","description_kind":"markdown","optional":true},"sortasc":{"type":"string","description":"sortasc query parameter. sort asc","description_kind":"markdown","optional":true},"sortdsc":{"type":"string","description":"sortdsc query parameter. sort desc","description_kind":"markdown","optional":true}},"description":"It performs read operation on AdminUser.\n\n- This data source allows the client to get an admin user by ID.\n\n- This data source allows the client to get all the admin users.\n\nFilter:\n\n[firstName, lastName, adminGroups, name, description, inactiveAccountNeverDisabled, includeSystemAlarmsInEmail, email,\nenabled]\n\nSorting:\n\n[name, description]\n","description_kind":"markdown"}},"ciscoise_allowed_protocols":{"version":0,"block":{"attributes":{"id":{"type":"string","description":"id path parameter.","description_kind":"markdown","optional":true},"item_id":{"type":["list",["object",{"allow_chap":"string","allow_eap_fast":"string","allow_eap_md5":"string","allow_eap_tls":"string","allow_eap_ttls":"string","allow_leap":"string","allow_ms_chap_v1":"string","allow_ms_chap_v2":"string","allow_pap_ascii":"string","allow_peap":"string","allow_preferred_eap_protocol":"string","allow_teap":"string","allow_weak_ciphers_for_eap":"string","description":"string","eap_fast":["list",["object",{"allow_eap_fast_eap_gtc":"string","allow_eap_fast_eap_gtc_pwd_change":"string","allow_eap_fast_eap_gtc_pwd_change_retries":"number","allow_eap_fast_eap_ms_chap_v2":"string","allow_eap_fast_eap_ms_chap_v2_pwd_change":"string","allow_eap_fast_eap_ms_chap_v2_pwd_change_retries":"number","allow_eap_fast_eap_tls":"string","allow_eap_fast_eap_tls_auth_of_expired_certs":"string","eap_fast_dont_use_pacs_accept_client_cert":"string","eap_fast_dont_use_pacs_allow_machine_authentication":"string","eap_fast_enable_eap_chaining":"string","eap_fast_use_pacs":"string","eap_fast_use_pacs_accept_client_cert":"string","eap_fast_use_pacs_allow_anonym_provisioning":"string","eap_fast_use_pacs_allow_authen_provisioning":"string","eap_fast_use_pacs_allow_machine_authentication":"string","eap_fast_use_pacs_authorization_pac_ttl":"number","eap_fast_use_pacs_authorization_pac_ttl_units":"string","eap_fast_use_pacs_machine_pac_ttl":"number","eap_fast_use_pacs_machine_pac_ttl_units":"string","eap_fast_use_pacs_return_access_accept_after_authenticated_provisioning":"string","eap_fast_use_pacs_stateless_session_resume":"string","eap_fast_use_pacs_tunnel_pac_ttl":"number","eap_fast_use_pacs_tunnel_pac_ttl_units":"string","eap_fast_use_pacs_use_proactive_pac_update_precentage":"number"}]],"eap_tls":["list",["object",{"allow_eap_tls_auth_of_expired_certs":"string","eap_tls_enable_stateless_session_resume":"string","eap_tls_session_ticket_precentage":"number","eap_tls_session_ticket_ttl":"number","eap_tls_session_ticket_ttl_units":"string"}]],"eap_tls_l_bit":"string","eap_ttls":["list",["object",{"eap_ttls_chap":"string","eap_ttls_eap_md5":"string","eap_ttls_eap_ms_chap_v2":"string","eap_ttls_eap_ms_chap_v2_pwd_change":"string","eap_ttls_eap_ms_chap_v2_pwd_change_retries":"number","eap_ttls_ms_chap_v1":"string","eap_ttls_ms_chap_v2":"string","eap_ttls_pap_ascii":"string"}]],"id":"string","link":["list",["object",{"href":"string","rel":"string","type":"string"}]],"name":"string","peap":["list",["object",{"allow_peap_eap_gtc":"string","allow_peap_eap_gtc_pwd_change":"string","allow_peap_eap_gtc_pwd_change_retries":"number","allow_peap_eap_ms_chap_v2":"string","allow_peap_eap_ms_chap_v2_pwd_change":"string","allow_peap_eap_ms_chap_v2_pwd_change_retries":"number","allow_peap_eap_tls":"string","allow_peap_eap_tls_auth_of_expired_certs":"string","allow_peap_v0":"string","require_cryptobinding":"string"}]],"preferred_eap_protocol":"string","process_host_lookup":"string","require_message_auth":"string","teap":["list",["object",{"accept_client_cert_during_tunnel_est":"string","allow_downgrade_msk":"string","allow_teap_eap_ms_chap_v2":"string","allow_teap_eap_ms_chap_v2_pwd_change":"string","allow_teap_eap_ms_chap_v2_pwd_change_retries":"number","allow_teap_eap_tls":"string","allow_teap_eap_tls_auth_of_expired_certs":"string","enable_eap_chaining":"string"}]]}]],"description_kind":"plain","computed":true},"item_name":{"type":["list",["object",{"allow_chap":"string","allow_eap_fast":"string","allow_eap_md5":"string","allow_eap_tls":"string","allow_eap_ttls":"string","allow_leap":"string","allow_ms_chap_v1":"string","allow_ms_chap_v2":"string","allow_pap_ascii":"string","allow_peap":"string","allow_preferred_eap_protocol":"string","allow_teap":"string","allow_weak_ciphers_for_eap":"string","description":"string","eap_fast":["list",["object",{"allow_eap_fast_eap_gtc":"string","allow_eap_fast_eap_gtc_pwd_change":"string","allow_eap_fast_eap_gtc_pwd_change_retries":"number","allow_eap_fast_eap_ms_chap_v2":"string","allow_eap_fast_eap_ms_chap_v2_pwd_change":"string","allow_eap_fast_eap_ms_chap_v2_pwd_change_retries":"number","allow_eap_fast_eap_tls":"string","allow_eap_fast_eap_tls_auth_of_expired_certs":"string","eap_fast_dont_use_pacs_accept_client_cert":"string","eap_fast_dont_use_pacs_allow_machine_authentication":"string","eap_fast_enable_eap_chaining":"string","eap_fast_use_pacs":"string","eap_fast_use_pacs_accept_client_cert":"string","eap_fast_use_pacs_allow_anonym_provisioning":"string","eap_fast_use_pacs_allow_authen_provisioning":"string","eap_fast_use_pacs_allow_machine_authentication":"string","eap_fast_use_pacs_authorization_pac_ttl":"number","eap_fast_use_pacs_authorization_pac_ttl_units":"string","eap_fast_use_pacs_machine_pac_ttl":"number","eap_fast_use_pacs_machine_pac_ttl_units":"string","eap_fast_use_pacs_return_access_accept_after_authenticated_provisioning":"string","eap_fast_use_pacs_stateless_session_resume":"string","eap_fast_use_pacs_tunnel_pac_ttl":"number","eap_fast_use_pacs_tunnel_pac_ttl_units":"string","eap_fast_use_pacs_use_proactive_pac_update_precentage":"number"}]],"eap_tls":["list",["object",{"allow_eap_tls_auth_of_expired_certs":"string","eap_tls_enable_stateless_session_resume":"string","eap_tls_session_ticket_precentage":"number","eap_tls_session_ticket_ttl":"number","eap_tls_session_ticket_ttl_units":"string"}]],"eap_tls_l_bit":"string","eap_ttls":["list",["object",{"eap_ttls_chap":"string","eap_ttls_eap_md5":"string","eap_ttls_eap_ms_chap_v2":"string","eap_ttls_eap_ms_chap_v2_pwd_change":"string","eap_ttls_eap_ms_chap_v2_pwd_change_retries":"number","eap_ttls_ms_chap_v1":"string","eap_ttls_ms_chap_v2":"string","eap_ttls_pap_ascii":"string"}]],"id":"string","link":["list",["object",{"href":"string","rel":"string","type":"string"}]],"name":"string","peap":["list",["object",{"allow_peap_eap_gtc":"string","allow_peap_eap_gtc_pwd_change":"string","allow_peap_eap_gtc_pwd_change_retries":"number","allow_peap_eap_ms_chap_v2":"string","allow_peap_eap_ms_chap_v2_pwd_change":"string","allow_peap_eap_ms_chap_v2_pwd_change_retries":"number","allow_peap_eap_tls":"string","allow_peap_eap_tls_auth_of_expired_certs":"string","allow_peap_v0":"string","require_cryptobinding":"string"}]],"preferred_eap_protocol":"string","process_host_lookup":"string","require_message_auth":"string","teap":["list",["object",{"accept_client_cert_during_tunnel_est":"string","allow_downgrade_msk":"string","allow_teap_eap_ms_chap_v2":"string","allow_teap_eap_ms_chap_v2_pwd_change":"string","allow_teap_eap_ms_chap_v2_pwd_change_retries":"number","allow_teap_eap_tls":"string","allow_teap_eap_tls_auth_of_expired_certs":"string","enable_eap_chaining":"string"}]]}]],"description_kind":"plain","computed":true},"items":{"type":["list",["object",{"description":"string","id":"string","link":["list",["object",{"href":"string","rel":"string","type":"string"}]],"name":"string"}]],"description_kind":"plain","computed":true},"name":{"type":"string","description":"name path parameter.","description_kind":"markdown","optional":true},"page":{"type":"number","description":"page query parameter. Page number","description_kind":"markdown","optional":true},"size":{"type":"number","description":"size query parameter. Number of objects returned per page","description_kind":"markdown","optional":true}},"description":"It performs read operation on AllowedProtocols.\n\n- This data source allows the client to get an allowed protocol by name.\n\n- This data source allows the client to get an allowed protocol by ID.\n\n- This data source allows the client to get all the allowed protocols.\n","description_kind":"markdown"}},"ciscoise_anc_endpoint":{"version":0,"block":{"attributes":{"filter":{"type":["list","string"],"description":"filter query parameter. \n\n**Simple filtering** should be available through the filter query string parameter. The structure of a filter is\na triplet of field operator and value separated with dots. More than one filter can be sent. The logical operator\ncommon to ALL filter criteria will be by default AND, and can be changed by using the \"filterType=or\" query\nstring parameter. Each resource Data model description should specify if an attribute is a filtered field.\n\n\n\n              Operator    | Description \n\n              ------------|----------------\n\n              EQ          | Equals \n\n              NEQ         | Not Equals \n\n              GT          | Greater Than \n\n              LT          | Less Then \n\n              STARTSW     | Starts With \n\n              NSTARTSW    | Not Starts With \n\n              ENDSW       | Ends With \n\n              NENDSW      | Not Ends With \n\n              CONTAINS\t  | Contains \n\n              NCONTAINS\t  | Not Contains \n\n","description_kind":"markdown","optional":true},"filter_type":{"type":"string","description":"filterType query parameter. The logical operator common to ALL filter criteria will be by default AND, and can be changed by using the parameter","description_kind":"markdown","optional":true},"id":{"type":"string","description":"id path parameter.","description_kind":"markdown","optional":true},"item":{"type":["list",["object",{"id":"string","link":["list",["object",{"href":"string","rel":"string","type":"string"}]],"mac_address":"string","policy_name":"string"}]],"description_kind":"plain","computed":true},"items":{"type":["list",["object",{"id":"string","link":["list",["object",{"href":"string","rel":"string","type":"string"}]]}]],"description_kind":"plain","computed":true},"page":{"type":"number","description":"page query parameter. Page number","description_kind":"markdown","optional":true},"size":{"type":"number","description":"size query parameter. Number of objects returned per page","description_kind":"markdown","optional":true},"sortasc":{"type":"string","description":"sortasc query parameter. sort asc","description_kind":"markdown","optional":true},"sortdsc":{"type":"string","description":"sortdsc query parameter. sort desc","description_kind":"markdown","optional":true}},"description":"It performs read operation on ANCEndpoint.\n\n- This data source allows the client to get an ANC endpoint by ID.\n\n- This data source allows the client to get all the ANC endpoints.\n\nFilter:\n[name]\n\nSorting:\n[name]\n","description_kind":"markdown"}},"ciscoise_anc_endpoint_apply":{"version":0,"block":{"attributes":{"id":{"type":"string","description_kind":"plain","optional":true,"computed":true},"item":{"type":"string","description_kind":"plain","computed":true}},"block_types":{"additional_data":{"nesting_mode":"list","block":{"attributes":{"name":{"type":"string","description_kind":"plain","optional":true},"value":{"type":"string","description_kind":"plain","optional":true}},"description_kind":"plain"}}},"description":"It performs update operation on ANCEndpoint.\n\n- This data source action allows the client to apply the required configuration.\n","description_kind":"markdown"}},"ciscoise_anc_endpoint_bulk_monitor_status":{"version":0,"block":{"attributes":{"bulkid":{"type":"string","description":"bulkid path parameter.","description_kind":"markdown","required":true},"id":{"type":"string","description_kind":"plain","optional":true,"computed":true},"item":{"type":["list",["object",{"bulk_id":"string","execution_status":"string","fail_count":"number","operation_type":"string","resources_count":"number","resources_status":["list",["object",{"description":"string","id":"string","name":"string","resource_execution_status":"string","status":"string"}]],"start_time":"string","success_count":"number"}]],"description_kind":"plain","computed":true}},"description":"It performs read operation on ANCEndpoint.\n\n- This data source allows the client to monitor the bulk request.\n","description_kind":"markdown"}},"ciscoise_anc_endpoint_bulk_request":{"version":0,"block":{"attributes":{"id":{"type":"string","description_kind":"plain","optional":true,"computed":true},"item":{"type":"string","description_kind":"plain","computed":true},"operation_type":{"type":"string","description_kind":"plain","optional":true},"resource_media_type":{"type":"string","description_kind":"plain","optional":true}},"description":"It performs update operation on ANCEndpoint.\n\n- This data source action allows the client to submit the bulk request.\n","description_kind":"markdown"}},"ciscoise_anc_endpoint_clear":{"version":0,"block":{"attributes":{"id":{"type":"string","description_kind":"plain","optional":true,"computed":true},"item":{"type":"string","description_kind":"plain","computed":true}},"block_types":{"additional_data":{"nesting_mode":"list","block":{"attributes":{"name":{"type":"string","description_kind":"plain","optional":true},"value":{"type":"string","description_kind":"plain","optional":true}},"description_kind":"plain"}}},"description":"It performs update operation on ANCEndpoint.\n\n- This data source action allows the client to clear the required configuration.\n","description_kind":"markdown"}},"ciscoise_anc_policy":{"version":0,"block":{"attributes":{"filter":{"type":["list","string"],"description":"filter query parameter. \n\n**Simple filtering** should be available through the filter query string parameter. The structure of a filter is\na triplet of field operator and value separated with dots. More than one filter can be sent. The logical operator\ncommon to ALL filter criteria will be by default AND, and can be changed by using the \"filterType=or\" query\nstring parameter. Each resource Data model description should specify if an attribute is a filtered field.\n\n\n\n              Operator    | Description \n\n              ------------|----------------\n\n              EQ          | Equals \n\n              NEQ         | Not Equals \n\n              GT          | Greater Than \n\n              LT          | Less Then \n\n              STARTSW     | Starts With \n\n              NSTARTSW    | Not Starts With \n\n              ENDSW       | Ends With \n\n              NENDSW      | Not Ends With \n\n              CONTAINS\t  | Contains \n\n              NCONTAINS\t  | Not Contains \n\n","description_kind":"markdown","optional":true},"filter_type":{"type":"string","description":"filterType query parameter. The logical operator common to ALL filter criteria will be by default AND, and can be changed by using the parameter","description_kind":"markdown","optional":true},"id":{"type":"string","description":"id path parameter.","description_kind":"markdown","optional":true},"item_id":{"type":["list",["object",{"actions":["list","string"],"id":"string","link":["list",["object",{"href":"string","rel":"string","type":"string"}]],"name":"string"}]],"description_kind":"plain","computed":true},"item_name":{"type":["list",["object",{"actions":["list","string"],"id":"string","link":["list",["object",{"href":"string","rel":"string","type":"string"}]],"name":"string"}]],"description_kind":"plain","computed":true},"items":{"type":["list",["object",{"id":"string","link":["list",["object",{"href":"string","rel":"string","type":"string"}]],"name":"string"}]],"description_kind":"plain","computed":true},"name":{"type":"string","description":"name path parameter.","description_kind":"markdown","optional":true},"page":{"type":"number","description":"page query parameter. Page number","description_kind":"markdown","optional":true},"size":{"type":"number","description":"size query parameter. Number of objects returned per page","description_kind":"markdown","optional":true},"sortasc":{"type":"string","description":"sortasc query parameter. sort asc","description_kind":"markdown","optional":true},"sortdsc":{"type":"string","description":"sortdsc query parameter. sort desc","description_kind":"markdown","optional":true}},"description":"It performs read operation on AncPolicy.\n\n- This data source allows the client to get an ANC policy by name.\n\n- This data source allows the client to get an ANC policy by ID.\n\n- This data source allows the client to get all the ANC policies.\n\nFilter:\n[name]\n\nSorting:\n[name]\n","description_kind":"markdown"}},"ciscoise_anc_policy_bulk_monitor_status":{"version":0,"block":{"attributes":{"bulkid":{"type":"string","description":"bulkid path parameter.","description_kind":"markdown","required":true},"id":{"type":"string","description_kind":"plain","optional":true,"computed":true},"item":{"type":["list",["object",{"bulk_id":"string","execution_status":"string","fail_count":"number","operation_type":"string","resources_count":"number","resources_status":["list",["object",{"description":"string","id":"string","name":"string","resource_execution_status":"string","status":"string"}]],"start_time":"string","success_count":"number"}]],"description_kind":"plain","computed":true}},"description":"It performs read operation on AncPolicy.\n\n- This data source allows the client to monitor the bulk request.\n","description_kind":"markdown"}},"ciscoise_anc_policy_bulk_request":{"version":0,"block":{"attributes":{"id":{"type":"string","description_kind":"plain","optional":true,"computed":true},"item":{"type":"string","description_kind":"plain","computed":true},"operation_type":{"type":"string","description_kind":"plain","optional":true},"resource_media_type":{"type":"string","description_kind":"plain","optional":true}},"description":"It performs update operation on AncPolicy.\n\n- This data source action allows the client to submit the bulk request.\n","description_kind":"markdown"}},"ciscoise_authorization_profile":{"version":0,"block":{"attributes":{"id":{"type":"string","description":"id path parameter.","description_kind":"markdown","optional":true},"item_id":{"type":["list",["object",{"access_type":"string","acl":"string","advanced_attributes":["list",["object",{"left_hand_side_dictionary_attribue":["list",["object",{"advanced_attribute_value_type":"string","attribute_name":"string","dictionary_name":"string","value":"string"}]],"right_hand_side_attribue_value":["list",["object",{"advanced_attribute_value_type":"string","attribute_name":"string","dictionary_name":"string","value":"string"}]]}]],"agentless_posture":"string","airespace_acl":"string","airespace_ipv6_acl":"string","asa_vpn":"string","authz_profile_type":"string","auto_smart_port":"string","avc_profile":"string","dacl_name":"string","description":"string","easywired_session_candidate":"string","id":"string","interface_template":"string","ipv6_acl_filter":"string","ipv6_dacl_name":"string","link":["list",["object",{"href":"string","rel":"string","type":"string"}]],"mac_sec_policy":"string","name":"string","neat":"string","profile_name":"string","reauth":["list",["object",{"connectivity":"string","timer":"number"}]],"service_template":"string","track_movement":"string","vlan":["list",["object",{"name_id":"string","tag_id":"number"}]],"voice_domain_permission":"string","web_auth":"string","web_redirection":["list",["object",{"acl":"string","display_certificates_renewal_messages":"string","portal_name":"string","static_iphost_name_fqd_n":"string","web_redirection_type":"string"}]]}]],"description_kind":"plain","computed":true},"item_name":{"type":["list",["object",{"access_type":"string","acl":"string","advanced_attributes":["list",["object",{"left_hand_side_dictionary_attribue":["list",["object",{"advanced_attribute_value_type":"string","attribute_name":"string","dictionary_name":"string","value":"string"}]],"right_hand_side_attribue_value":["list",["object",{"advanced_attribute_value_type":"string","attribute_name":"string","dictionary_name":"string","value":"string"}]]}]],"agentless_posture":"string","airespace_acl":"string","airespace_ipv6_acl":"string","asa_vpn":"string","authz_profile_type":"string","auto_smart_port":"string","avc_profile":"string","dacl_name":"string","description":"string","easywired_session_candidate":"string","id":"string","interface_template":"string","ipv6_acl_filter":"string","ipv6_dacl_name":"string","link":["list",["object",{"href":"string","rel":"string","type":"string"}]],"mac_sec_policy":"string","name":"string","neat":"string","profile_name":"string","reauth":["list",["object",{"connectivity":"string","timer":"number"}]],"service_template":"string","track_movement":"string","vlan":["list",["object",{"name_id":"string","tag_id":"number"}]],"voice_domain_permission":"string","web_auth":"string","web_redirection":["list",["object",{"acl":"string","display_certificates_renewal_messages":"string","portal_name":"string","static_iphost_name_fqd_n":"string","web_redirection_type":"string"}]]}]],"description_kind":"plain","computed":true},"items":{"type":["list",["object",{"description":"string","id":"string","link":["list",["object",{"href":"string","rel":"string","type":"string"}]],"name":"string"}]],"description_kind":"plain","computed":true},"name":{"type":"string","description":"name path parameter.","description_kind":"markdown","optional":true},"page":{"type":"number","description":"page query parameter. Page number","description_kind":"markdown","optional":true},"size":{"type":"number","description":"size query parameter. Number of objects returned per page","description_kind":"markdown","optional":true}},"description":"It performs read operation on AuthorizationProfile.\n\n- This data source allows the client to get an authorization profile by name.\n\n- This data source allows the client to get an authorization profile by ID.\n\n- This data source allows the client to get all authorization profiles.\n","description_kind":"markdown"}},"ciscoise_backup_cancel":{"version":0,"block":{"attributes":{"id":{"type":"string","description_kind":"plain","optional":true,"computed":true},"item":{"type":["list",["object",{"action":"string","details":"string","error":"string","host_name":"string","initiated_from":"string","just_complete":"string","message":"string","name":"string","percent_complete":"string","repository":"string","scheduled":"string","start_date":"string","status":"string","type":"string"}]],"description_kind":"plain","computed":true}},"description":"It performs create operation on Backup And Restore.\n\n- Cancels the backup job running on the node.\n","description_kind":"markdown"}},"ciscoise_backup_config":{"version":0,"block":{"attributes":{"backup_encryption_key":{"type":"string","description":"The encyption key for the backed up file. Encryption key must satisfy the following criteria - Contains at least one uppercase letter [A-Z], Contains at least one lowercase letter [a-z], Contains at least one digit [0-9], Contain only [A-Z][a-z][0-9]_#, Has at least 8 characters, Has not more than 15 characters, Must not contain 'CcIiSsCco', Must not begin with","description_kind":"markdown","optional":true},"backup_name":{"type":"string","description":"The backup file will get saved with this name.","description_kind":"markdown","optional":true},"id":{"type":"string","description_kind":"plain","optional":true,"computed":true},"item":{"type":["list",["object",{"id":"string","link":["list",["object",{"href":"string","rel":"string","type":"string"}]],"message":"string"}]],"description_kind":"plain","computed":true},"repository_name":{"type":"string","description":"Name of the configured repository where the generated backup file will get copied.","description_kind":"markdown","optional":true}},"description":"It performs create operation on Backup And Restore.\n\n- Triggers on demand configuration backup on the ISE node. The API returns the task ID. Use the Task Service status API\nto get the status of the backup job.\n","description_kind":"markdown"}},"ciscoise_backup_last_status":{"version":0,"block":{"attributes":{"id":{"type":"string","description_kind":"plain","optional":true,"computed":true},"item":{"type":["list",["object",{"action":"string","details":"string","error":"string","host_name":"string","initiated_from":"string","just_complete":"string","message":"string","name":"string","percent_complete":"string","repository":"string","scheduled":"string","start_date":"string","status":"string","type":"string"}]],"description_kind":"plain","computed":true}},"description":"It performs read operation on Backup And Restore.\n\n- Gives the last backup status\n","description_kind":"markdown"}},"ciscoise_backup_restore":{"version":0,"block":{"attributes":{"backup_encryption_key":{"type":"string","description":"The encryption key which was provided at the time of taking backup.","description_kind":"markdown","optional":true},"id":{"type":"string","description_kind":"plain","optional":true,"computed":true},"item":{"type":["list",["object",{"id":"string","link":["list",["object",{"href":"string","rel":"string","type":"string"}]],"message":"string"}]],"description_kind":"plain","computed":true},"repository_name":{"type":"string","description":"Name of the configred repository where the backup file exists.","description_kind":"markdown","optional":true},"restore_file":{"type":"string","description":"Name of the backup file to be restored on ISE node.","description_kind":"markdown","optional":true},"restore_include_adeos":{"type":"string","description":"Determines whether the ADE-OS configure is restored. Possible values true, false","description_kind":"markdown","optional":true}},"description":"It performs create operation on Backup And Restore.\n\n- Triggers a configuration DB restore job on the ISE node. The API returns the task ID. Use the Task Service status API\nto get the status of the backup job\n","description_kind":"markdown"}},"ciscoise_backup_schedule_config":{"version":0,"block":{"attributes":{"backup_description":{"type":"string","description":"Description of the backup.","description_kind":"markdown","optional":true},"backup_encryption_key":{"type":"string","description":"The encyption key for the backed up file. Encryption key must satisfy the following criteria - Contains at least one uppercase letter [A-Z], Contains at least one lowercase letter [a-z], Contains at least one digit [0-9], Contain only [A-Z][a-z][0-9]_#, Has at least 8 characters, Has not more than 15 characters, Must not contain 'CcIiSsCco', Must not begin with","description_kind":"markdown","optional":true},"backup_name":{"type":"string","description":"The backup file will get saved with this name.","description_kind":"markdown","optional":true},"end_date":{"type":"string","description":"End date of the scheduled backup job. Allowed format MM/DD/YYYY. End date is not required in case of ONE_TIME frequency.","description_kind":"markdown","optional":true},"frequency":{"type":"string","description":"Frequency with which the backup will get scheduled in the ISE node. Allowed values - ONCE, DAILY, WEEKLY, MONTHLY","description_kind":"markdown","optional":true},"id":{"type":"string","description_kind":"plain","optional":true,"computed":true},"item":{"type":["list",["object",{"link":["list",["object",{"href":"string","rel":"string","type":"string"}]],"message":"string"}]],"description_kind":"plain","computed":true},"month_day":{"type":"string","description":"Day of month you want backup to be performed on when scheduled frequency is MONTHLY. Allowed values - from 1 to 28.","description_kind":"markdown","optional":true},"repository_name":{"type":"string","description":"Name of the configured repository where the generated backup file will get copied.","description_kind":"markdown","optional":true},"start_date":{"type":"string","description":"Start date for scheduling the backup job. Allowed format MM/DD/YYYY.","description_kind":"markdown","optional":true},"status":{"type":"string","description":"Enable or disable scheduled backup.","description_kind":"markdown","optional":true},"time":{"type":"string","description":"Time at which backup job get scheduled. example- 12:00 AM","description_kind":"markdown","optional":true},"week_day":{"type":"string","description":"Day of week you want backup to be performed on when scheduled frequency is WEEKLY. Allowed values - MON, TUE, WED, THU, FRI, SAT, SUN.","description_kind":"markdown","optional":true}},"description":"It performs create operation on Backup And Restore.\n\n- Schedules the configuration backup on the ISE node as per the input parameters. This data source action helps in\ncreating the schedule for the first time.\n","description_kind":"markdown"}},"ciscoise_backup_schedule_config_update":{"version":0,"block":{"attributes":{"backup_description":{"type":"string","description":"Description of the backup.","description_kind":"markdown","optional":true},"backup_encryption_key":{"type":"string","description":"The encyption key for the backed up file. Encryption key must satisfy the following criteria - Contains at least one uppercase letter [A-Z], Contains at least one lowercase letter [a-z], Contains at least one digit [0-9], Contain only [A-Z][a-z][0-9]_#, Has at least 8 characters, Has not more than 15 characters, Must not contain 'CcIiSsCco', Must not begin with","description_kind":"markdown","optional":true},"backup_name":{"type":"string","description":"The backup file will get saved with this name.","description_kind":"markdown","optional":true},"end_date":{"type":"string","description":"End date of the scheduled backup job. Allowed format MM/DD/YYYY. End date is not required in case of ONE_TIME frequency.","description_kind":"markdown","optional":true},"frequency":{"type":"string","description":"Frequency with which the backup will get scheduled in the ISE node. Allowed values - ONCE, DAILY, WEEKLY, MONTHLY","description_kind":"markdown","optional":true},"id":{"type":"string","description_kind":"plain","optional":true,"computed":true},"item":{"type":["list",["object",{"link":["list",["object",{"href":"string","rel":"string","type":"string"}]],"message":"string"}]],"description_kind":"plain","computed":true},"month_day":{"type":"string","description":"Day of month you want backup to be performed on when scheduled frequency is MONTHLY. Allowed values - from 1 to 28.","description_kind":"markdown","optional":true},"repository_name":{"type":"string","description":"Name of the configured repository where the generated backup file will get copied.","description_kind":"markdown","optional":true},"start_date":{"type":"string","description":"Start date for scheduling the backup job. Allowed format MM/DD/YYYY.","description_kind":"markdown","optional":true},"status":{"type":"string","description":"Enable or disable scheduled backup.","description_kind":"markdown","optional":true},"time":{"type":"string","description":"Time at which backup job get scheduled. example- 12:00 AM","description_kind":"markdown","optional":true},"week_day":{"type":"string","description":"Day of week you want backup to be performed on when scheduled frequency is WEEKLY. Allowed values - MON, TUE, WED, THU, FRI, SAT, SUN.","description_kind":"markdown","optional":true}},"description":"It performs update operation on Backup And Restore.\n\n- Update the Schedule of the configuration backup on the ISE node as per the input parameters. This data source action\nonly helps in editing the schedule.\n","description_kind":"markdown"}},"ciscoise_bind_signed_certificate":{"version":0,"block":{"attributes":{"admin":{"type":"string","description":" Use certificate to authenticate the ISE Admin Portal","description_kind":"markdown","optional":true},"allow_extended_validity":{"type":"string","description":"Allow import of certificates with validity greater than 398 days","description_kind":"markdown","optional":true},"allow_out_of_date_cert":{"type":"string","description":"Allow out of date certificates (required)","description_kind":"markdown","optional":true},"allow_replacement_of_certificates":{"type":"string","description":"Allow Replacement of certificates (required)","description_kind":"markdown","optional":true},"allow_replacement_of_portal_group_tag":{"type":"string","description":"Allow Replacement of Portal Group Tag (required)","description_kind":"markdown","optional":true},"data":{"type":"string","description":"Signed Certificate in escaped format","description_kind":"markdown","optional":true},"eap":{"type":"string","description":"Use certificate for EAP protocols that use SSL/TLS tunneling","description_kind":"markdown","optional":true},"host_name":{"type":"string","description":"Name of Host whose CSR ID has been provided","description_kind":"markdown","optional":true},"id":{"type":"string","description":"ID of the generated CSR","description_kind":"markdown","optional":true},"ims":{"type":"string","description":"Use certificate for the ISE Messaging Service","description_kind":"markdown","optional":true},"item":{"type":["list",["object",{"message":"string","status":"string"}]],"description_kind":"plain","computed":true},"name":{"type":"string","description":"Friendly Name of the certificate","description_kind":"markdown","optional":true},"portal":{"type":"string","description":"Use for portal","description_kind":"markdown","optional":true},"portal_group_tag":{"type":"string","description":"Set Group tag","description_kind":"markdown","optional":true},"pxgrid":{"type":"string","description":"Use certificate for the pxGrid Controller","description_kind":"markdown","optional":true},"radius":{"type":"string","description":"Use certificate for the RADSec server","description_kind":"markdown","optional":true},"saml":{"type":"string","description":"Use certificate for SAML Signing","description_kind":"markdown","optional":true},"validate_certificate_extensions":{"type":"string","description":"Validate Certificate Extensions","description_kind":"markdown","optional":true}},"description":"It performs create operation on Certificates.\n\n- Bind CA Signed Certificate.\n\nNOTE:\nThis data source action requires an existing Certificate Signing Request, and the root certificate must already be\ntrusted.\n\nNOTE:\nThe certificate may have a validity period longer than 398 days. It may be untrusted by many browsers.\n\nNOTE:\nRequest Parameters accepting True and False as input can be replaced by 1 and 0 respectively.\n\n\n","description_kind":"markdown"}},"ciscoise_byod_portal":{"version":0,"block":{"attributes":{"filter":{"type":["list","string"],"description":"filter query parameter. \n\n**Simple filtering** should be available through the filter query string parameter. The structure of a filter is\na triplet of field operator and value separated with dots. More than one filter can be sent. The logical operator\ncommon to ALL filter criteria will be by default AND, and can be changed by using the \"filterType=or\" query\nstring parameter. Each resource Data model description should specify if an attribute is a filtered field.\n\n\n\n              Operator    | Description \n\n              ------------|----------------\n\n              EQ          | Equals \n\n              NEQ         | Not Equals \n\n              GT          | Greater Than \n\n              LT          | Less Then \n\n              STARTSW     | Starts With \n\n              NSTARTSW    | Not Starts With \n\n              ENDSW       | Ends With \n\n              NENDSW      | Not Ends With \n\n              CONTAINS\t  | Contains \n\n              NCONTAINS\t  | Not Contains \n\n","description_kind":"markdown","optional":true},"filter_type":{"type":"string","description":"filterType query parameter. The logical operator common to ALL filter criteria will be by default AND, and can be changed by using the parameter","description_kind":"markdown","optional":true},"id":{"type":"string","description":"id path parameter. Portal id","description_kind":"markdown","optional":true},"item":{"type":["list",["object",{"customizations":["list",["object",{"global_customizations":["list",["object",{"background_image":["list",["object",{"data":"string"}]],"banner_image":["list",["object",{"data":"string"}]],"banner_title":"string","contact_text":"string","desktop_logo_image":["list",["object",{"data":"string"}]],"footer_element":"string","mobile_logo_image":["list",["object",{"data":"string"}]]}]],"language":["list",["object",{"view_language":"string"}]],"page_customizations":["list",["object",{"data":["list",["object",{"key":"string","value":"string"}]]}]],"portal_theme":["list",["object",{"id":"string","name":"string","theme_data":"string"}]],"portal_tweak_settings":["list",["object",{"banner_color":"string","banner_text_color":"string","page_background_color":"string","page_label_and_text_color":"string"}]]}]],"description":"string","id":"string","link":["list",["object",{"href":"string","rel":"string","type":"string"}]],"name":"string","portal_test_url":"string","portal_type":"string","settings":["list",["object",{"byod_settings":["list",["object",{"byod_registration_settings":["list",["object",{"end_point_identity_group_id":"string","show_device_id":"string"}]],"byod_registration_success_settings":["list",["object",{"redirect_url":"string","success_redirect":"string"}]],"byod_welcome_settings":["list",["object",{"aup_display":"string","enable_byo_d":"string","enable_guest_access":"string","include_aup":"string","require_aup_acceptance":"string","require_mdm":"string","require_scrolling":"string"}]]}]],"portal_settings":["list",["object",{"allowed_interfaces":["list","string"],"always_used_language":"string","certificate_group_tag":"string","display_lang":"string","endpoint_identity_group":"string","fallback_language":"string","https_port":"number"}]],"support_info_settings":["list",["object",{"default_empty_field_value":"string","empty_field_display":"string","include_browser_user_agent":"string","include_failure_code":"string","include_ip_address":"string","include_mac_addr":"string","include_policy_server":"string","include_support_info_page":"string"}]]}]]}]],"description_kind":"plain","computed":true},"items":{"type":["list",["object",{"description":"string","id":"string","link":["list",["object",{"href":"string","rel":"string","type":"string"}]],"name":"string"}]],"description_kind":"plain","computed":true},"page":{"type":"number","description":"page query parameter. Page number","description_kind":"markdown","optional":true},"size":{"type":"number","description":"size query parameter. Number of objects returned per page","description_kind":"markdown","optional":true},"sortasc":{"type":"string","description":"sortasc query parameter. sort asc","description_kind":"markdown","optional":true},"sortdsc":{"type":"string","description":"sortdsc query parameter. sort desc","description_kind":"markdown","optional":true}},"description":"It performs read operation on BYODPortal.\n\n- This data source allows the client to get a BYOD portal by ID.\n\n- This data source allows the client to get all the BYOD portals.\n\nFilter:\n\n[name, description]\n\nSorting:\n\n[name, description]\n","description_kind":"markdown"}},"ciscoise_certificate_profile":{"version":0,"block":{"attributes":{"id":{"type":"string","description":"id path parameter.","description_kind":"markdown","optional":true},"item_id":{"type":["list",["object",{"allowed_as_user_name":"string","certificate_attribute_name":"string","description":"string","external_identity_store_name":"string","id":"string","link":["list",["object",{"href":"string","rel":"string","type":"string"}]],"match_mode":"string","name":"string","username_from":"string"}]],"description_kind":"plain","computed":true},"item_name":{"type":["list",["object",{"allowed_as_user_name":"string","certificate_attribute_name":"string","description":"string","external_identity_store_name":"string","id":"string","link":["list",["object",{"href":"string","rel":"string","type":"string"}]],"match_mode":"string","name":"string","username_from":"string"}]],"description_kind":"plain","computed":true},"items":{"type":["list",["object",{"description":"string","id":"string","link":["list",["object",{"href":"string","rel":"string","type":"string"}]],"name":"string"}]],"description_kind":"plain","computed":true},"name":{"type":"string","description":"name path parameter.","description_kind":"markdown","optional":true},"page":{"type":"number","description":"page query parameter. Page number","description_kind":"markdown","optional":true},"size":{"type":"number","description":"size query parameter. Number of objects returned per page","description_kind":"markdown","optional":true}},"description":"It performs read operation on CertificateProfile.\n\n- This data source allows the client to get a certificate profile by name.\n\n- This data source allows the client to get a certificate profile by ID.\n\n- This data source allows the client to get all the certificate profiles.\n","description_kind":"markdown"}},"ciscoise_certificate_template":{"version":0,"block":{"attributes":{"id":{"type":"string","description":"id path parameter.","description_kind":"markdown","optional":true},"item_id":{"type":["list",["object",{"description":"string","id":"string","key_size":"number","name":"string","raprofile":"string","validity_period":"number"}]],"description_kind":"plain","computed":true},"item_name":{"type":["list",["object",{"description":"string","id":"string","key_size":"number","name":"string","raprofile":"string","validity_period":"number"}]],"description_kind":"plain","computed":true},"items":{"type":["list",["object",{"description":"string","id":"string","link":["list",["object",{"href":"string","rel":"string","type":"string"}]],"name":"string"}]],"description_kind":"plain","computed":true},"name":{"type":"string","description":"name path parameter.","description_kind":"markdown","optional":true},"page":{"type":"number","description":"page query parameter. Page number","description_kind":"markdown","optional":true},"size":{"type":"number","description":"size query parameter. Number of objects returned per page","description_kind":"markdown","optional":true}},"description":"It performs read operation on CertificateTemplate.\n\n- This data source allows the client to get a certificate template by name.\n\n- This data source allows the client to get a certificate template by ID.\n\n- This data source allows the client to get aall the certificate templates.\n","description_kind":"markdown"}},"ciscoise_csr":{"version":0,"block":{"attributes":{"filter":{"type":["list","string"],"description":"filter query parameter. \n \n \n \nSimple filtering\n should be available through the filter query string parameter. The structure of a filter is a triplet of field operator and value separated with dots. More than one filter can be sent. The logical operator common to ALL filter criteria will be by default AND, and can be changed by using the \n\"filterType=or\"\n query string parameter. Each resource Data model description should specify if an attribute is a filtered field. \n ","description_kind":"markdown","optional":true},"filter_type":{"type":"string","description":"filterType query parameter. The logical operator common to ALL filter criteria will be by default AND, and can be changed by using the parameter","description_kind":"markdown","optional":true},"host_name":{"type":"string","description":"hostName path parameter. Name of the host of which CSR's should be returned","description_kind":"markdown","optional":true},"id":{"type":"string","description":"id path parameter. The ID of the Certificate Signing Request returned","description_kind":"markdown","optional":true},"item":{"type":["list",["object",{"csr_contents":"string","friendly_name":"string","group_tag":"string","host_name":"string","id":"string","key_size":"string","link":["list",["object",{"href":"string","rel":"string","type":"string"}]],"signature_algorithm":"string","subject":"string","time_stamp":"string","used_for":"string"}]],"description_kind":"plain","computed":true},"items":{"type":["list",["object",{"friendly_name":"string","group_tag":"string","host_name":"string","id":"string","key_size":"string","link":["list",["object",{"href":"string","rel":"string","type":"string"}]],"signature_algorithm":"string","subject":"string","time_stamp":"string","used_for":"string"}]],"description_kind":"plain","computed":true},"page":{"type":"number","description":"page query parameter. Page number","description_kind":"markdown","optional":true},"size":{"type":"number","description":"size query parameter. Number of objects returned per page","description_kind":"markdown","optional":true},"sort":{"type":"string","description":"sort query parameter. sort type asc or desc","description_kind":"markdown","optional":true},"sort_by":{"type":"string","description":"sortBy query parameter. sort column by which objects needs to be sorted","description_kind":"markdown","optional":true}},"description":"It performs read operation on Certificates.\n\n- This data source supports Filtering, Sorting and Pagination.\n\n\nFiltering and Sorting supported on below mentioned attributes:\n[friendlyName, subject, timeStamp]\n\nSupported Date Format: yyyy-MM-dd HH:mm:ss.SSS\n\n\nSupported Operators: EQ, NEQ, GT and LT\n\n- This data source displays details of a Certificate Signing Request of a particular node based on a given HostName and\nID.\n","description_kind":"markdown"}},"ciscoise_csr_delete":{"version":0,"block":{"attributes":{"host_name":{"type":"string","description":"hostName path parameter. Name of the host of which CSR's should be deleted","description_kind":"markdown","required":true},"id":{"type":"string","description":"id path parameter. The ID of the Certificate Signing Request to be deleted","description_kind":"markdown","required":true},"item":{"type":["list",["object",{"message":"string"}]],"description_kind":"plain","computed":true}},"description":"It performs delete operation on Certificates.\n\n- This data source action deletes a Certificate Signing Request of a particular node based on a given HostName and ID.\n","description_kind":"markdown"}},"ciscoise_csr_export":{"version":0,"block":{"attributes":{"dirpath":{"type":"string","description":"Directory absolute path in which to save the file.","description_kind":"markdown","required":true},"hostname":{"type":"string","description":"hostname path parameter. The hostname to which the CSR belongs.","description_kind":"markdown","required":true},"id":{"type":"string","description":"id path parameter. The ID of the CSR to be exported.","description_kind":"markdown","required":true}},"description":"It performs read operation on Certificates.\n\n- The response of this API carries a CSR corresponding to the requested ID\n","description_kind":"markdown"}},"ciscoise_csr_generate":{"version":0,"block":{"attributes":{"allow_wild_card_cert":{"type":"string","description_kind":"plain","optional":true},"certificate_policies":{"type":"string","description_kind":"plain","optional":true},"digest_type":{"type":"string","description_kind":"plain","optional":true},"hostnames":{"type":["list","string"],"description_kind":"plain","optional":true},"id":{"type":"string","description_kind":"plain","optional":true,"computed":true},"items":{"type":["list",["object",{"id":"string","link":["list",["object",{"href":"string","rel":"string","type":"string"}]],"message":"string"}]],"description_kind":"plain","computed":true},"key_length":{"type":"string","description_kind":"plain","optional":true},"key_type":{"type":"string","description_kind":"plain","optional":true},"portal_group_tag":{"type":"string","description_kind":"plain","optional":true},"san_dir":{"type":["list","string"],"description_kind":"plain","optional":true},"san_dns":{"type":["list","string"],"description_kind":"plain","optional":true},"san_ip":{"type":["list","string"],"description_kind":"plain","optional":true},"san_uri":{"type":["list","string"],"description_kind":"plain","optional":true},"subject_city":{"type":"string","description_kind":"plain","optional":true},"subject_common_name":{"type":"string","description_kind":"plain","optional":true},"subject_country":{"type":"string","description_kind":"plain","optional":true},"subject_org":{"type":"string","description_kind":"plain","optional":true},"subject_org_unit":{"type":"string","description_kind":"plain","optional":true},"subject_state":{"type":"string","description_kind":"plain","optional":true},"used_for":{"type":"string","description_kind":"plain","optional":true}},"description":"It performs create operation on Certificates.\n\n- Generate a certificate signing request for Multi-Use, Admin, EAP Authentication, RADIUS DTLS, PxGrid, SAML, Portal and\nIMS Services.\n","description_kind":"markdown"}},"ciscoise_csr_generate_intermediate_ca":{"version":0,"block":{"attributes":{"id":{"type":"string","description_kind":"plain","optional":true,"computed":true},"item":{"type":["list",["object",{"id":"string","link":["list",["object",{"href":"string","rel":"string","type":"string"}]],"message":"string"}]],"description_kind":"plain","computed":true}},"description":"It performs create operation on Certificates.\n\n- CSR Generation for Intermediate Certificates.\n","description_kind":"markdown"}},"ciscoise_deployment":{"version":0,"block":{"attributes":{"id":{"type":"string","description_kind":"plain","optional":true,"computed":true},"item":{"type":["list",["object",{"deployment_info":["list",["object",{"deployment_id":"string","fipsstatus":"string","node_list":["list",["object",{"node_and_node_count_and_count_info":["list",["object",{"declared_type":"string","global_scope":"string","name":"string","nil":"string","scope":"string","type_substituted":"string","value":"string"}]]}]],"version_history_info":["list",["object",{"epoch_time":"number","main_version":"string","op_type":"string"}]]}]],"kong_info":["list",["object",{"deployment_id":"string","node_list":["list",["object",{"node":["list",["object",{"service":["list",["object",{"route":["list",["object",{"http_count":"string","latency_count":"string","latency_sum":"string","route_name":"string"}]],"service_name":"string"}]],"sn":"string"}]]}]]}]],"licenses_info":["list",["object",{"deployment_id":"string","node_list":["list",["object",{"node":["list","string"]}]]}]],"mdm_info":["list",["object",{"active_desktop_mdm_servers_count":"string","active_mdm_servers_count":"string","active_mobile_mdm_servers_count":"string","deployment_id":"string","node_list":["list",["object",{"node_and_scope":["list","string"]}]]}]],"nad_info":["list",["object",{"nadcount_info":["list",["object",{"total_active_nad_count":"number"}]],"node_list":["list",["object",{"node_and_scope":["list","string"]}]]}]],"network_access_info":["list",["object",{"deployment_id":"string","is_csn_enabled":"string","node_list":["list",["object",{"node_and_scope":["list","string"]}]],"radius3_rd_party":["list","string"],"sda_vns":["list","string"],"trust_sec_control":"string"}]],"posture_info":["list",["object",{"content":["list",["object",{"declared_type":"string","global_scope":"string","name":"string","nil":"string","scope":"string","type_substituted":"string","value":"string"}]]}]],"profiler_info":["list",["object",{"deployment_id":"string","node_list":["list",["object",{"node":["list",["object",{"last_applied_feed_date_time":"string","online_subscription_enabled":"string","profiles":"string","scope":"string"}]]}]]}]]}]],"description_kind":"plain","computed":true}},"description":"It performs read operation on PullDeploymentInfo.\n\n- This data source allows the client to pull the deployment information.\n","description_kind":"markdown"}},"ciscoise_device_administration_authentication_reset_hitcount":{"version":0,"block":{"attributes":{"id":{"type":"string","description_kind":"plain","optional":true,"computed":true},"item":{"type":["list",["object",{"message":"string"}]],"description_kind":"plain","computed":true},"policy_id":{"type":"string","description":"policyId path parameter. Policy id","description_kind":"markdown","required":true}},"description":"It performs create operation on Device Administration - Authentication Rules.\n\n- Device Admin Reset HitCount for Authentication Rules\n","description_kind":"markdown"}},"ciscoise_device_administration_authentication_rules":{"version":0,"block":{"attributes":{"id":{"type":"string","description":"id path parameter. Rule id","description_kind":"markdown","optional":true},"item":{"type":["list",["object",{"identity_source_id":"string","identity_source_name":"string","if_auth_fail":"string","if_process_fail":"string","if_user_not_found":"string","link":["list",["object",{"href":"string","rel":"string","type":"string"}]],"rule":["list",["object",{"condition":["list",["object",{"attribute_id":"string","attribute_name":"string","attribute_value":"string","children":["list",["object",{"condition_type":"string","is_negate":"string","link":["list",["object",{"href":"string","rel":"string","type":"string"}]]}]],"condition_type":"string","dates_range":["list",["object",{"end_date":"string","start_date":"string"}]],"dates_range_exception":["list",["object",{"end_date":"string","start_date":"string"}]],"description":"string","dictionary_name":"string","dictionary_value":"string","hours_range":["list",["object",{"end_time":"string","start_time":"string"}]],"hours_range_exception":["list",["object",{"end_time":"string","start_time":"string"}]],"id":"string","is_negate":"string","link":["list",["object",{"href":"string","rel":"string","type":"string"}]],"name":"string","operator":"string","week_days":["list","string"],"week_days_exception":["list","string"]}]],"default":"string","hit_counts":"number","id":"string","name":"string","rank":"number","state":"string"}]]}]],"description_kind":"plain","computed":true},"items":{"type":["list",["object",{"identity_source_id":"string","identity_source_name":"string","if_auth_fail":"string","if_process_fail":"string","if_user_not_found":"string","link":["list",["object",{"href":"string","rel":"string","type":"string"}]],"rule":["list",["object",{"condition":["list",["object",{"attribute_id":"string","attribute_name":"string","attribute_value":"string","children":["list",["object",{"condition_type":"string","is_negate":"string","link":["list",["object",{"href":"string","rel":"string","type":"string"}]]}]],"condition_type":"string","dates_range":["list",["object",{"end_date":"string","start_date":"string"}]],"dates_range_exception":["list",["object",{"end_date":"string","start_date":"string"}]],"description":"string","dictionary_name":"string","dictionary_value":"string","hours_range":["list",["object",{"end_time":"string","start_time":"string"}]],"hours_range_exception":["list",["object",{"end_time":"string","start_time":"string"}]],"id":"string","is_negate":"string","link":["list",["object",{"href":"string","rel":"string","type":"string"}]],"name":"string","operator":"string","week_days":["list","string"],"week_days_exception":["list","string"]}]],"default":"string","hit_counts":"number","id":"string","name":"string","rank":"number","state":"string"}]]}]],"description_kind":"plain","computed":true},"policy_id":{"type":"string","description":"policyId path parameter. Policy id","description_kind":"markdown","optional":true}},"description":"It performs read operation on Device Administration - Authentication Rules.\n\n- Device Admin Get authentication rules.\n\n- Device Admin Get rule attributes.\n","description_kind":"markdown"}},"ciscoise_device_administration_authorization_reset_hitcount":{"version":0,"block":{"attributes":{"id":{"type":"string","description_kind":"plain","optional":true,"computed":true},"item":{"type":["list",["object",{"message":"string"}]],"description_kind":"plain","computed":true},"policy_id":{"type":"string","description":"policyId path parameter. Policy id","description_kind":"markdown","required":true}},"description":"It performs create operation on Device Administration - Authorization Rules.\n\n- Device Admin Reset HitCount for Authorization Rules\n","description_kind":"markdown"}},"ciscoise_device_administration_authorization_rules":{"version":0,"block":{"attributes":{"id":{"type":"string","description":"id path parameter. Rule id","description_kind":"markdown","optional":true},"item":{"type":["list",["object",{"commands":["list","string"],"link":["list",["object",{"href":"string","rel":"string","type":"string"}]],"profile":"string","rule":["list",["object",{"condition":["list",["object",{"attribute_id":"string","attribute_name":"string","attribute_value":"string","children":["list",["object",{"condition_type":"string","is_negate":"string","link":["list",["object",{"href":"string","rel":"string","type":"string"}]]}]],"condition_type":"string","dates_range":["list",["object",{"end_date":"string","start_date":"string"}]],"dates_range_exception":["list",["object",{"end_date":"string","start_date":"string"}]],"description":"string","dictionary_name":"string","dictionary_value":"string","hours_range":["list",["object",{"end_time":"string","start_time":"string"}]],"hours_range_exception":["list",["object",{"end_time":"string","start_time":"string"}]],"id":"string","is_negate":"string","link":["list",["object",{"href":"string","rel":"string","type":"string"}]],"name":"string","operator":"string","week_days":["list","string"],"week_days_exception":["list","string"]}]],"default":"string","hit_counts":"number","id":"string","name":"string","rank":"number","state":"string"}]]}]],"description_kind":"plain","computed":true},"items":{"type":["list",["object",{"commands":["list","string"],"link":["list",["object",{"href":"string","rel":"string","type":"string"}]],"profile":"string","rule":["list",["object",{"condition":["list",["object",{"attribute_id":"string","attribute_name":"string","attribute_value":"string","children":["list",["object",{"condition_type":"string","is_negate":"string","link":["list",["object",{"href":"string","rel":"string","type":"string"}]]}]],"condition_type":"string","dates_range":["list",["object",{"end_date":"string","start_date":"string"}]],"dates_range_exception":["list",["object",{"end_date":"string","start_date":"string"}]],"description":"string","dictionary_name":"string","dictionary_value":"string","hours_range":["list",["object",{"end_time":"string","start_time":"string"}]],"hours_range_exception":["list",["object",{"end_time":"string","start_time":"string"}]],"id":"string","is_negate":"string","link":["list",["object",{"href":"string","rel":"string","type":"string"}]],"name":"string","operator":"string","week_days":["list","string"],"week_days_exception":["list","string"]}]],"default":"string","hit_counts":"number","id":"string","name":"string","rank":"number","state":"string"}]]}]],"description_kind":"plain","computed":true},"policy_id":{"type":"string","description":"policyId path parameter. Policy id","description_kind":"markdown","optional":true}},"description":"It performs read operation on Device Administration - Authorization Rules.\n\n- Device Admin Get authorization rules.\n\n- Device Admin Get authorization rule attributes.\n","description_kind":"markdown"}},"ciscoise_device_administration_command_set":{"version":0,"block":{"attributes":{"id":{"type":"string","description_kind":"plain","optional":true,"computed":true},"items":{"type":["list",["object",{"id":"string","name":"string"}]],"description_kind":"plain","computed":true}},"description":"It performs read operation on Device Administration - Command Set.\n\n- Device Admin Return list of command sets.\n (Other CRUD APIs available throught ERS)\n","description_kind":"markdown"}},"ciscoise_device_administration_conditions":{"version":0,"block":{"attributes":{"id":{"type":"string","description":"id path parameter. Condition id","description_kind":"markdown","optional":true},"item_id":{"type":["list",["object",{"attribute_id":"string","attribute_name":"string","attribute_value":"string","children":["list",["object",{"condition_type":"string","is_negate":"string","link":["list",["object",{"href":"string","rel":"string","type":"string"}]]}]],"condition_type":"string","dates_range":["list",["object",{"end_date":"string","start_date":"string"}]],"dates_range_exception":["list",["object",{"end_date":"string","start_date":"string"}]],"description":"string","dictionary_name":"string","dictionary_value":"string","hours_range":["list",["object",{"end_time":"string","start_time":"string"}]],"hours_range_exception":["list",["object",{"end_time":"string","start_time":"string"}]],"id":"string","is_negate":"string","link":["list",["object",{"href":"string","rel":"string","type":"string"}]],"name":"string","operator":"string","week_days":["list","string"],"week_days_exception":["list","string"]}]],"description_kind":"plain","computed":true},"item_name":{"type":["list",["object",{"attribute_id":"string","attribute_name":"string","attribute_value":"string","children":["list",["object",{"condition_type":"string","is_negate":"string","link":["list",["object",{"href":"string","rel":"string","type":"string"}]]}]],"condition_type":"string","dates_range":["list",["object",{"end_date":"string","start_date":"string"}]],"dates_range_exception":["list",["object",{"end_date":"string","start_date":"string"}]],"description":"string","dictionary_name":"string","dictionary_value":"string","hours_range":["list",["object",{"end_time":"string","start_time":"string"}]],"hours_range_exception":["list",["object",{"end_time":"string","start_time":"string"}]],"id":"string","is_negate":"string","link":["list",["object",{"href":"string","rel":"string","type":"string"}]],"name":"string","operator":"string","week_days":["list","string"],"week_days_exception":["list","string"]}]],"description_kind":"plain","computed":true},"items":{"type":["list",["object",{"attribute_id":"string","attribute_name":"string","attribute_value":"string","children":["list",["object",{"condition_type":"string","is_negate":"string","link":["list",["object",{"href":"string","rel":"string","type":"string"}]]}]],"condition_type":"string","dates_range":["list",["object",{"end_date":"string","start_date":"string"}]],"dates_range_exception":["list",["object",{"end_date":"string","start_date":"string"}]],"description":"string","dictionary_name":"string","dictionary_value":"string","hours_range":["list",["object",{"end_time":"string","start_time":"string"}]],"hours_range_exception":["list",["object",{"end_time":"string","start_time":"string"}]],"id":"string","is_negate":"string","link":["list",["object",{"href":"string","rel":"string","type":"string"}]],"name":"string","operator":"string","week_days":["list","string"],"week_days_exception":["list","string"]}]],"description_kind":"plain","computed":true},"name":{"type":"string","description":"name path parameter. Condition name","description_kind":"markdown","optional":true}},"description":"It performs read operation on Device Administration - Conditions.\n\n- Device Admin Returns list of library conditions.\n\n- Device Admin Returns a library condition.\n\n- Device Admin Returns a library condition.\n","description_kind":"markdown"}},"ciscoise_device_administration_conditions_for_authentication_rule":{"version":0,"block":{"attributes":{"id":{"type":"string","description_kind":"plain","optional":true,"computed":true},"items":{"type":["list",["object",{"attribute_id":"string","attribute_name":"string","attribute_value":"string","children":["list",["object",{"condition_type":"string","is_negate":"string","link":["list",["object",{"href":"string","rel":"string","type":"string"}]]}]],"condition_type":"string","dates_range":["list",["object",{"end_date":"string","start_date":"string"}]],"dates_range_exception":["list",["object",{"end_date":"string","start_date":"string"}]],"description":"string","dictionary_name":"string","dictionary_value":"string","hours_range":["list",["object",{"end_time":"string","start_time":"string"}]],"hours_range_exception":["list",["object",{"end_time":"string","start_time":"string"}]],"id":"string","is_negate":"string","link":["list",["object",{"href":"string","rel":"string","type":"string"}]],"name":"string","operator":"string","week_days":["list","string"],"week_days_exception":["list","string"]}]],"description_kind":"plain","computed":true}},"description":"It performs read operation on Device Administration - Conditions.\n\n- Device Admin Returns list of library conditions for authentication rules.\n","description_kind":"markdown"}},"ciscoise_device_administration_conditions_for_authorization_rule":{"version":0,"block":{"attributes":{"id":{"type":"string","description_kind":"plain","optional":true,"computed":true},"items":{"type":["list",["object",{"attribute_id":"string","attribute_name":"string","attribute_value":"string","children":["list",["object",{"condition_type":"string","is_negate":"string","link":["list",["object",{"href":"string","rel":"string","type":"string"}]]}]],"condition_type":"string","dates_range":["list",["object",{"end_date":"string","start_date":"string"}]],"dates_range_exception":["list",["object",{"end_date":"string","start_date":"string"}]],"description":"string","dictionary_name":"string","dictionary_value":"string","hours_range":["list",["object",{"end_time":"string","start_time":"string"}]],"hours_range_exception":["list",["object",{"end_time":"string","start_time":"string"}]],"id":"string","is_negate":"string","link":["list",["object",{"href":"string","rel":"string","type":"string"}]],"name":"string","operator":"string","week_days":["list","string"],"week_days_exception":["list","string"]}]],"description_kind":"plain","computed":true}},"description":"It performs read operation on Device Administration - Conditions.\n\n- Device Admin Returns list of library conditions for authorization rules.\n","description_kind":"markdown"}},"ciscoise_device_administration_conditions_for_policy_set":{"version":0,"block":{"attributes":{"id":{"type":"string","description_kind":"plain","optional":true,"computed":true},"items":{"type":["list",["object",{"attribute_id":"string","attribute_name":"string","attribute_value":"string","children":["list",["object",{"condition_type":"string","is_negate":"string","link":["list",["object",{"href":"string","rel":"string","type":"string"}]]}]],"condition_type":"string","dates_range":["list",["object",{"end_date":"string","start_date":"string"}]],"dates_range_exception":["list",["object",{"end_date":"string","start_date":"string"}]],"description":"string","dictionary_name":"string","dictionary_value":"string","hours_range":["list",["object",{"end_time":"string","start_time":"string"}]],"hours_range_exception":["list",["object",{"end_time":"string","start_time":"string"}]],"id":"string","is_negate":"string","link":["list",["object",{"href":"string","rel":"string","type":"string"}]],"name":"string","operator":"string","week_days":["list","string"],"week_days_exception":["list","string"]}]],"description_kind":"plain","computed":true}},"description":"It performs read operation on Device Administration - Conditions.\n\n- Device Admin Returns list of library conditions for policy sets.\n","description_kind":"markdown"}},"ciscoise_device_administration_dictionary_attributes_authentication":{"version":0,"block":{"attributes":{"id":{"type":"string","description_kind":"plain","optional":true,"computed":true},"items":{"type":["list",["object",{"allowed_values":["list",["object",{"is_default":"string","key":"string","value":"string"}]],"data_type":"string","description":"string","dictionary_name":"string","direction_type":"string","id":"string","internal_name":"string","name":"string"}]],"description_kind":"plain","computed":true}},"description":"It performs read operation on Device Administration - Dictionary Attributes List.\n\n- Network Access Returns list of dictionary attributes for authentication.\n","description_kind":"markdown"}},"ciscoise_device_administration_dictionary_attributes_authorization":{"version":0,"block":{"attributes":{"id":{"type":"string","description_kind":"plain","optional":true,"computed":true},"items":{"type":["list",["object",{"allowed_values":["list",["object",{"is_default":"string","key":"string","value":"string"}]],"data_type":"string","description":"string","dictionary_name":"string","direction_type":"string","id":"string","internal_name":"string","name":"string"}]],"description_kind":"plain","computed":true}},"description":"It performs read operation on Device Administration - Dictionary Attributes List.\n\n- Network Access Returns list of dictionary attributes for authorization.\n","description_kind":"markdown"}},"ciscoise_device_administration_dictionary_attributes_policy_set":{"version":0,"block":{"attributes":{"id":{"type":"string","description_kind":"plain","optional":true,"computed":true},"items":{"type":["list",["object",{"allowed_values":["list",["object",{"is_default":"string","key":"string","value":"string"}]],"data_type":"string","description":"string","dictionary_name":"string","direction_type":"string","id":"string","internal_name":"string","name":"string"}]],"description_kind":"plain","computed":true}},"description":"It performs read operation on Device Administration - Dictionary Attributes List.\n\n- Network Access Returns list of dictionary attributes for policyset.\n","description_kind":"markdown"}},"ciscoise_device_administration_global_exception_rules":{"version":0,"block":{"attributes":{"id":{"type":"string","description":"id path parameter. Rule id","description_kind":"markdown","optional":true},"item":{"type":["list",["object",{"commands":["list","string"],"link":["list",["object",{"href":"string","rel":"string","type":"string"}]],"profile":"string","rule":["list",["object",{"condition":["list",["object",{"attribute_id":"string","attribute_name":"string","attribute_value":"string","children":["list",["object",{"condition_type":"string","is_negate":"string","link":["list",["object",{"href":"string","rel":"string","type":"string"}]]}]],"condition_type":"string","dates_range":["list",["object",{"end_date":"string","start_date":"string"}]],"dates_range_exception":["list",["object",{"end_date":"string","start_date":"string"}]],"description":"string","dictionary_name":"string","dictionary_value":"string","hours_range":["list",["object",{"end_time":"string","start_time":"string"}]],"hours_range_exception":["list",["object",{"end_time":"string","start_time":"string"}]],"id":"string","is_negate":"string","link":["list",["object",{"href":"string","rel":"string","type":"string"}]],"name":"string","operator":"string","week_days":["list","string"],"week_days_exception":["list","string"]}]],"default":"string","hit_counts":"number","id":"string","name":"string","rank":"number","state":"string"}]]}]],"description_kind":"plain","computed":true},"items":{"type":["list",["object",{"commands":["list","string"],"link":["list",["object",{"href":"string","rel":"string","type":"string"}]],"profile":"string","rule":["list",["object",{"condition":["list",["object",{"attribute_id":"string","attribute_name":"string","attribute_value":"string","children":["list",["object",{"condition_type":"string","is_negate":"string","link":["list",["object",{"href":"string","rel":"string","type":"string"}]]}]],"condition_type":"string","dates_range":["list",["object",{"end_date":"string","start_date":"string"}]],"dates_range_exception":["list",["object",{"end_date":"string","start_date":"string"}]],"description":"string","dictionary_name":"string","dictionary_value":"string","hours_range":["list",["object",{"end_time":"string","start_time":"string"}]],"hours_range_exception":["list",["object",{"end_time":"string","start_time":"string"}]],"id":"string","is_negate":"string","link":["list",["object",{"href":"string","rel":"string","type":"string"}]],"name":"string","operator":"string","week_days":["list","string"],"week_days_exception":["list","string"]}]],"default":"string","hit_counts":"number","id":"string","name":"string","rank":"number","state":"string"}]]}]],"description_kind":"plain","computed":true}},"description":"It performs read operation on Device Administration - Authorization Global Exception Rules.\n\n- Device Admin Get global execption rules.\n\n- Device Admin Get global exception rule attribute\n","description_kind":"markdown"}},"ciscoise_device_administration_global_exception_rules_reset_hitcount":{"version":0,"block":{"attributes":{"id":{"type":"string","description_kind":"plain","optional":true,"computed":true},"item":{"type":["list",["object",{"message":"string"}]],"description_kind":"plain","computed":true}},"description":"It performs create operation on Device Administration - Authorization Global Exception Rules.\n\n- Device Admin Reset HitCount for Global Exceptions\n","description_kind":"markdown"}},"ciscoise_device_administration_identity_stores":{"version":0,"block":{"attributes":{"id":{"type":"string","description_kind":"plain","optional":true,"computed":true},"items":{"type":["list",["object",{"id":"string","name":"string"}]],"description_kind":"plain","computed":true}},"description":"It performs read operation on Device Administration - Identity Stores.\n\n- Device Admin Return list of identity stores for authentication.\n (Other CRUD APIs available throught ERS)\n","description_kind":"markdown"}},"ciscoise_device_administration_local_exception_rules":{"version":0,"block":{"attributes":{"id":{"type":"string","description":"id path parameter. Rule id","description_kind":"markdown","optional":true},"item":{"type":["list",["object",{"commands":["list","string"],"link":["list",["object",{"href":"string","rel":"string","type":"string"}]],"profile":"string","rule":["list",["object",{"condition":["list",["object",{"attribute_id":"string","attribute_name":"string","attribute_value":"string","children":["list",["object",{"condition_type":"string","is_negate":"string","link":["list",["object",{"href":"string","rel":"string","type":"string"}]]}]],"condition_type":"string","dates_range":["list",["object",{"end_date":"string","start_date":"string"}]],"dates_range_exception":["list",["object",{"end_date":"string","start_date":"string"}]],"description":"string","dictionary_name":"string","dictionary_value":"string","hours_range":["list",["object",{"end_time":"string","start_time":"string"}]],"hours_range_exception":["list",["object",{"end_time":"string","start_time":"string"}]],"id":"string","is_negate":"string","link":["list",["object",{"href":"string","rel":"string","type":"string"}]],"name":"string","operator":"string","week_days":["list","string"],"week_days_exception":["list","string"]}]],"default":"string","hit_counts":"number","id":"string","name":"string","rank":"number","state":"string"}]]}]],"description_kind":"plain","computed":true},"items":{"type":["list",["object",{"commands":["list","string"],"link":["list",["object",{"href":"string","rel":"string","type":"string"}]],"profile":"string","rule":["list",["object",{"condition":["list",["object",{"attribute_id":"string","attribute_name":"string","attribute_value":"string","children":["list",["object",{"condition_type":"string","is_negate":"string","link":["list",["object",{"href":"string","rel":"string","type":"string"}]]}]],"condition_type":"string","dates_range":["list",["object",{"end_date":"string","start_date":"string"}]],"dates_range_exception":["list",["object",{"end_date":"string","start_date":"string"}]],"description":"string","dictionary_name":"string","dictionary_value":"string","hours_range":["list",["object",{"end_time":"string","start_time":"string"}]],"hours_range_exception":["list",["object",{"end_time":"string","start_time":"string"}]],"id":"string","is_negate":"string","link":["list",["object",{"href":"string","rel":"string","type":"string"}]],"name":"string","operator":"string","week_days":["list","string"],"week_days_exception":["list","string"]}]],"default":"string","hit_counts":"number","id":"string","name":"string","rank":"number","state":"string"}]]}]],"description_kind":"plain","computed":true},"policy_id":{"type":"string","description":"policyId path parameter. Policy id","description_kind":"markdown","optional":true}},"description":"It performs read operation on Device Administration - Authorization Exception Rules.\n\n- Device Admin Get local exception rules.\n\n- Device Admin Get local exception rule attributes.\n","description_kind":"markdown"}},"ciscoise_device_administration_local_exception_rules_reset_hitcount":{"version":0,"block":{"attributes":{"id":{"type":"string","description_kind":"plain","optional":true,"computed":true},"item":{"type":["list",["object",{"message":"string"}]],"description_kind":"plain","computed":true},"policy_id":{"type":"string","description":"policyId path parameter. Policy id","description_kind":"markdown","required":true}},"description":"It performs create operation on Device Administration - Authorization Exception Rules.\n\n- Device Admin Reset HitCount for local exceptions\n","description_kind":"markdown"}},"ciscoise_device_administration_network_conditions":{"version":0,"block":{"attributes":{"id":{"type":"string","description":"id path parameter. Condition id","description_kind":"markdown","optional":true},"item":{"type":["list",["object",{"condition_type":"string","conditions":["list",["object",{"cli_dnis_list":["list","string"],"device_group_list":["list","string"],"device_list":["list","string"],"ip_addr_list":["list","string"],"mac_addr_list":["list","string"]}]],"description":"string","id":"string","link":["list",["object",{"href":"string","rel":"string","type":"string"}]],"name":"string"}]],"description_kind":"plain","computed":true},"items":{"type":["list",["object",{"condition_type":"string","conditions":["list",["object",{"cli_dnis_list":["list","string"],"device_group_list":["list","string"],"device_list":["list","string"],"ip_addr_list":["list","string"],"mac_addr_list":["list","string"]}]],"description":"string","id":"string","link":["list",["object",{"href":"string","rel":"string","type":"string"}]],"name":"string"}]],"description_kind":"plain","computed":true}},"description":"It performs read operation on Device Administration - Network Conditions.\n\n- Device Admin Returns a list of network conditions.\n\n- Device Admin Returns a network condition.\n","description_kind":"markdown"}},"ciscoise_device_administration_policy_set":{"version":0,"block":{"attributes":{"id":{"type":"string","description":"id path parameter. Policy id","description_kind":"markdown","optional":true},"item":{"type":["list",["object",{"condition":["list",["object",{"attribute_id":"string","attribute_name":"string","attribute_value":"string","children":["list",["object",{"condition_type":"string","is_negate":"string","link":["list",["object",{"href":"string","rel":"string","type":"string"}]]}]],"condition_type":"string","dates_range":["list",["object",{"end_date":"string","start_date":"string"}]],"dates_range_exception":["list",["object",{"end_date":"string","start_date":"string"}]],"description":"string","dictionary_name":"string","dictionary_value":"string","hours_range":["list",["object",{"end_time":"string","start_time":"string"}]],"hours_range_exception":["list",["object",{"end_time":"string","start_time":"string"}]],"id":"string","is_negate":"string","link":["list",["object",{"href":"string","rel":"string","type":"string"}]],"name":"string","operator":"string","week_days":["list","string"],"week_days_exception":["list","string"]}]],"default":"string","description":"string","hit_counts":"number","id":"string","is_proxy":"string","link":["list",["object",{"href":"string","rel":"string","type":"string"}]],"name":"string","rank":"number","service_name":"string","state":"string"}]],"description_kind":"plain","computed":true},"items":{"type":["list",["object",{"condition":["list",["object",{"attribute_id":"string","attribute_name":"string","attribute_value":"string","children":["list",["object",{"condition_type":"string","is_negate":"string","link":["list",["object",{"href":"string","rel":"string","type":"string"}]]}]],"condition_type":"string","dates_range":["list",["object",{"end_date":"string","start_date":"string"}]],"dates_range_exception":["list",["object",{"end_date":"string","start_date":"string"}]],"description":"string","dictionary_name":"string","dictionary_value":"string","hours_range":["list",["object",{"end_time":"string","start_time":"string"}]],"hours_range_exception":["list",["object",{"end_time":"string","start_time":"string"}]],"id":"string","is_negate":"string","link":["list",["object",{"href":"string","rel":"string","type":"string"}]],"name":"string","operator":"string","week_days":["list","string"],"week_days_exception":["list","string"]}]],"default":"string","description":"string","hit_counts":"number","id":"string","is_proxy":"string","link":["list",["object",{"href":"string","rel":"string","type":"string"}]],"name":"string","rank":"number","service_name":"string","state":"string"}]],"description_kind":"plain","computed":true}},"description":"It performs read operation on Device Administration - Policy Set.\n\n- Device Admin List of policy sets.\n\n- Device Admin Get policy set attributes.\n","description_kind":"markdown"}},"ciscoise_device_administration_policy_set_reset_hitcount":{"version":0,"block":{"attributes":{"id":{"type":"string","description_kind":"plain","optional":true,"computed":true},"item":{"type":["list",["object",{"message":"string"}]],"description_kind":"plain","computed":true}},"description":"It performs create operation on Device Administration - Policy Set.\n\n- Device Admin Reset HitCount for PolicySets\n","description_kind":"markdown"}},"ciscoise_device_administration_profiles":{"version":0,"block":{"attributes":{"id":{"type":"string","description_kind":"plain","optional":true,"computed":true},"items":{"type":["list",["object",{"id":"string","name":"string"}]],"description_kind":"plain","computed":true}},"description":"It performs read operation on Device Administration - Profiles.\n\n- Device Admin Returns list of profiles.\n (Other CRUD APIs available throught ERS)\n","description_kind":"markdown"}},"ciscoise_device_administration_service_names":{"version":0,"block":{"attributes":{"id":{"type":"string","description_kind":"plain","optional":true,"computed":true},"items":{"type":["list",["object",{"id":"string","is_local_authorization":"string","name":"string","service_type":"string"}]],"description_kind":"plain","computed":true}},"description":"It performs read operation on Device Administration - Service Names.\n\n- Returns list of Allowed Protocols and Server Sequences for Device Admin Policy Set results.\n 'isLocalAuthorization' property is available only for Network Access Policy Set results of type Server Sequence.\n (Other CRUD APIs available throught ERS)\n","description_kind":"markdown"}},"ciscoise_device_administration_time_date_conditions":{"version":0,"block":{"attributes":{"id":{"type":"string","description":"id path parameter. Condition id","description_kind":"markdown","optional":true},"item":{"type":["list",["object",{"attribute_id":"string","attribute_name":"string","attribute_value":"string","children":["list",["object",{"condition_type":"string","is_negate":"string","link":["list",["object",{"href":"string","rel":"string","type":"string"}]]}]],"condition_type":"string","dates_range":["list",["object",{"end_date":"string","start_date":"string"}]],"dates_range_exception":["list",["object",{"end_date":"string","start_date":"string"}]],"description":"string","dictionary_name":"string","dictionary_value":"string","hours_range":["list",["object",{"end_time":"string","start_time":"string"}]],"hours_range_exception":["list",["object",{"end_time":"string","start_time":"string"}]],"id":"string","is_negate":"string","link":["list",["object",{"href":"string","rel":"string","type":"string"}]],"name":"string","operator":"string","week_days":["list","string"],"week_days_exception":["list","string"]}]],"description_kind":"plain","computed":true},"items":{"type":["list",["object",{"attribute_id":"string","attribute_name":"string","attribute_value":"string","children":["list",["object",{"condition_type":"string","is_negate":"string","link":["list",["object",{"href":"string","rel":"string","type":"string"}]]}]],"condition_type":"string","dates_range":["list",["object",{"end_date":"string","start_date":"string"}]],"dates_range_exception":["list",["object",{"end_date":"string","start_date":"string"}]],"description":"string","dictionary_name":"string","dictionary_value":"string","hours_range":["list",["object",{"end_time":"string","start_time":"string"}]],"hours_range_exception":["list",["object",{"end_time":"string","start_time":"string"}]],"id":"string","is_negate":"string","link":["list",["object",{"href":"string","rel":"string","type":"string"}]],"name":"string","operator":"string","week_days":["list","string"],"week_days_exception":["list","string"]}]],"description_kind":"plain","computed":true}},"description":"It performs read operation on Device Administration - Time/Date Conditions.\n\n- Device Admin Returns a list of time and date conditions.\n\n- Device Admin Returns a network condition.\n","description_kind":"markdown"}},"ciscoise_downloadable_acl":{"version":0,"block":{"attributes":{"id":{"type":"string","description":"id path parameter.","description_kind":"markdown","optional":true},"item":{"type":["list",["object",{"dacl":"string","dacl_type":"string","description":"string","id":"string","link":["list",["object",{"href":"string","rel":"string","type":"string"}]],"name":"string"}]],"description_kind":"plain","computed":true},"items":{"type":["list",["object",{"description":"string","id":"string","link":["list",["object",{"href":"string","rel":"string","type":"string"}]],"name":"string"}]],"description_kind":"plain","computed":true},"page":{"type":"number","description":"page query parameter. Page number","description_kind":"markdown","optional":true},"size":{"type":"number","description":"size query parameter. Number of objects returned per page","description_kind":"markdown","optional":true}},"description":"It performs read operation on DownloadableACL.\n\n- This data source allows the client to get a downloadable ACL by ID.\n\n- This data source allows the client to get all downloadable ACLs.\n","description_kind":"markdown"}},"ciscoise_egress_matrix_cell":{"version":0,"block":{"attributes":{"filter":{"type":["list","string"],"description":"filter query parameter. \n\n**Simple filtering** should be available through the filter query string parameter. The structure of a filter is\na triplet of field operator and value separated with dots. More than one filter can be sent. The logical operator\ncommon to ALL filter criteria will be by default AND, and can be changed by using the \"filterType=or\" query\nstring parameter. Each resource Data model description should specify if an attribute is a filtered field.\n\n\n\n              Operator    | Description \n\n              ------------|----------------\n\n              EQ          | Equals \n\n              NEQ         | Not Equals \n\n              GT          | Greater Than \n\n              LT          | Less Then \n\n              STARTSW     | Starts With \n\n              NSTARTSW    | Not Starts With \n\n              ENDSW       | Ends With \n\n              NENDSW      | Not Ends With \n\n              CONTAINS\t  | Contains \n\n              NCONTAINS\t  | Not Contains \n\n","description_kind":"markdown","optional":true},"filter_type":{"type":"string","description":"filterType query parameter. The logical operator common to ALL filter criteria will be by default AND, and can be changed by using the parameter","description_kind":"markdown","optional":true},"id":{"type":"string","description":"id path parameter.","description_kind":"markdown","optional":true},"item":{"type":["list",["object",{"default_rule":"string","description":"string","destination_sgt_id":"string","id":"string","link":["list",["object",{"href":"string","rel":"string","type":"string"}]],"matrix_cell_status":"string","name":"string","sgacls":["list","string"],"source_sgt_id":"string"}]],"description_kind":"plain","computed":true},"items":{"type":["list",["object",{"description":"string","id":"string","link":["list",["object",{"href":"string","rel":"string","type":"string"}]],"name":"string"}]],"description_kind":"plain","computed":true},"page":{"type":"number","description":"page query parameter. Page number","description_kind":"markdown","optional":true},"size":{"type":"number","description":"size query parameter. Number of objects returned per page","description_kind":"markdown","optional":true},"sortasc":{"type":"string","description":"sortasc query parameter. sort asc","description_kind":"markdown","optional":true},"sortdsc":{"type":"string","description":"sortdsc query parameter. sort desc","description_kind":"markdown","optional":true}},"description":"It performs read operation on EgressMatrixCell.\n\n- This data source allows the client to get an egress matrix cell by ID.\n\n- This data source allows the client to get all the egress matrix cell.\n\nFilter:\n\n[sgtSrcValue, matrixStatus, description, sgtSrcName, sgtDstName, sgtDstValue]\n\nSorting:\n\n[description, sgtSrcName, sgtDstName, sgtDstValue]\n","description_kind":"markdown"}},"ciscoise_egress_matrix_cell_bulk_monitor_status":{"version":0,"block":{"attributes":{"bulkid":{"type":"string","description":"bulkid path parameter.","description_kind":"markdown","required":true},"id":{"type":"string","description_kind":"plain","optional":true,"computed":true},"item":{"type":["list",["object",{"bulk_id":"string","execution_status":"string","fail_count":"number","media_type":"string","operation_type":"string","resources_count":"number","resources_status":["list",["object",{"description":"string","id":"string","name":"string","resource_execution_status":"string","status":"string"}]],"start_time":"string","success_count":"number"}]],"description_kind":"plain","computed":true}},"description":"It performs read operation on EgressMatrixCell.\n\n- This data source allows the client to monitor the bulk request.\n","description_kind":"markdown"}},"ciscoise_egress_matrix_cell_bulk_request":{"version":0,"block":{"attributes":{"id":{"type":"string","description_kind":"plain","optional":true,"computed":true},"item":{"type":"string","description_kind":"plain","computed":true},"operation_type":{"type":"string","description_kind":"plain","optional":true},"resource_media_type":{"type":"string","description_kind":"plain","optional":true}},"description":"It performs update operation on EgressMatrixCell.\n\n- This data source action allows the client to submit the bulk request.\n","description_kind":"markdown"}},"ciscoise_egress_matrix_cell_clear_all":{"version":0,"block":{"attributes":{"id":{"type":"string","description_kind":"plain","optional":true,"computed":true},"item":{"type":"string","description_kind":"plain","computed":true}},"description":"It performs update operation on EgressMatrixCell.\n\n- This data source action allows the client to clear all the egress matrix cells.\n","description_kind":"markdown"}},"ciscoise_egress_matrix_cell_clone":{"version":0,"block":{"attributes":{"dst_sgt_id":{"type":"string","description":"dstSgtId path parameter.","description_kind":"markdown","required":true},"id":{"type":"string","description":"id path parameter.","description_kind":"markdown","required":true},"item":{"type":["list",["object",{"result_value":["list",["object",{"name":"string","value":"string"}]]}]],"description_kind":"plain","computed":true},"src_sgt_id":{"type":"string","description":"srcSgtId path parameter.","description_kind":"markdown","required":true}},"description":"It performs update operation on EgressMatrixCell.\n\n- This data source action allows the client to clone an egress matrix cell.\n","description_kind":"markdown"}},"ciscoise_egress_matrix_cell_set_all_status":{"version":0,"block":{"attributes":{"id":{"type":"string","description_kind":"plain","optional":true,"computed":true},"item":{"type":"string","description_kind":"plain","computed":true},"status":{"type":"string","description":"status path parameter.","description_kind":"markdown","required":true}},"description":"It performs update operation on EgressMatrixCell.\n\n- his API allows the client to set status of all the egress matrix cells.\n","description_kind":"markdown"}},"ciscoise_endpoint":{"version":0,"block":{"attributes":{"filter":{"type":["list","string"],"description":"filter query parameter. \n\n**Simple filtering** should be available through the filter query string parameter. The structure of a filter is\na triplet of field operator and value separated with dots. More than one filter can be sent. The logical operator\ncommon to ALL filter criteria will be by default AND, and can be changed by using the \"filterType=or\" query\nstring parameter. Each resource Data model description should specify if an attribute is a filtered field.\n\n\n\n              Operator    | Description \n\n              ------------|----------------\n\n              EQ          | Equals \n\n              NEQ         | Not Equals \n\n              GT          | Greater Than \n\n              LT          | Less Then \n\n              STARTSW     | Starts With \n\n              NSTARTSW    | Not Starts With \n\n              ENDSW       | Ends With \n\n              NENDSW      | Not Ends With \n\n              CONTAINS\t  | Contains \n\n              NCONTAINS\t  | Not Contains \n\n","description_kind":"markdown","optional":true},"filter_type":{"type":"string","description":"filterType query parameter. The logical operator common to ALL filter criteria will be by default AND, and can be changed by using the parameter","description_kind":"markdown","optional":true},"id":{"type":"string","description":"id path parameter.","description_kind":"markdown","optional":true},"item_id":{"type":["list",["object",{"custom_attributes":["list",["object",{"custom_attributes":["map","string"]}]],"description":"string","group_id":"string","id":"string","identity_store":"string","identity_store_id":"string","link":["list",["object",{"href":"string","rel":"string","type":"string"}]],"mac":"string","mdm_attributes":["list",["object",{"mdm_compliance_status":"string","mdm_encrypted":"string","mdm_enrolled":"string","mdm_ime_i":"string","mdm_jail_broken":"string","mdm_manufacturer":"string","mdm_model":"string","mdm_os":"string","mdm_phone_number":"string","mdm_pinlock":"string","mdm_reachable":"string","mdm_serial":"string","mdm_server_name":"string"}]],"name":"string","portal_user":"string","profile_id":"string","static_group_assignment":"string","static_profile_assignment":"string"}]],"description_kind":"plain","computed":true},"item_name":{"type":["list",["object",{"custom_attributes":["list",["object",{"custom_attributes":["map","string"]}]],"description":"string","group_id":"string","id":"string","identity_store":"string","identity_store_id":"string","link":["list",["object",{"href":"string","rel":"string","type":"string"}]],"mac":"string","mdm_attributes":["list",["object",{"mdm_compliance_status":"string","mdm_encrypted":"string","mdm_enrolled":"string","mdm_ime_i":"string","mdm_jail_broken":"string","mdm_manufacturer":"string","mdm_model":"string","mdm_os":"string","mdm_phone_number":"string","mdm_pinlock":"string","mdm_reachable":"string","mdm_serial":"string","mdm_server_name":"string"}]],"name":"string","portal_user":"string","profile_id":"string","static_group_assignment":"string","static_profile_assignment":"string"}]],"description_kind":"plain","computed":true},"items":{"type":["list",["object",{"description":"string","id":"string","link":["list",["object",{"href":"string","rel":"string","type":"string"}]],"name":"string"}]],"description_kind":"plain","computed":true},"name":{"type":"string","description":"name path parameter.","description_kind":"markdown","optional":true},"page":{"type":"number","description":"page query parameter. Page number","description_kind":"markdown","optional":true},"size":{"type":"number","description":"size query parameter. Number of objects returned per page","description_kind":"markdown","optional":true},"sortasc":{"type":"string","description":"sortasc query parameter. sort asc","description_kind":"markdown","optional":true},"sortdsc":{"type":"string","description":"sortdsc query parameter. sort desc","description_kind":"markdown","optional":true}},"description":"It performs read operation on endpoint.\n\n- This data source allows the client to get an endpoint by name.\n\n- This data source allows the client to get an endpoint by ID.\n\n- This data source allows the client to get all the endpoints.\n\nFilter:\nFilters can be used to filter out Endpoints based on a set of attributes. This data source currently provides the\nfollowing filters:\n[logicalProfileName, portalUser, staticProfileAssignment, profileId, profile, groupId, staticGroupAssignment, mac]\n\nExample 1:\n\nThe\nlogicalProfileName\n filter can be used to get Enpoints that belong  to a specific Logical Profile. The supported operator for\nlogicalProfileNamefilter is EQ (equal to). The syntax to invoke the API with this filter:\n\n/ers/config/endpoint?filter={filter name}.{operator}.{logical profile name}\n\nExample:\n\nhttps://{ise-ip}:9060/ers/config/endpoint?filter=logicalProfileName.EQ.LP_Apple\n\nExample 2:\n\nSorting:\n[name, description]\n","description_kind":"markdown"}},"ciscoise_endpoint_bulk_monitor_status":{"version":0,"block":{"attributes":{"bulkid":{"type":"string","description":"bulkid path parameter.","description_kind":"markdown","required":true},"id":{"type":"string","description_kind":"plain","optional":true,"computed":true},"item":{"type":["list",["object",{"bulk_id":"string","execution_status":"string","fail_count":"number","media_type":"string","operation_type":"string","resources_count":"number","resources_status":["list",["object",{"description":"string","id":"string","name":"string","resource_execution_status":"string","status":"string"}]],"start_time":"string","success_count":"number"}]],"description_kind":"plain","computed":true}},"description":"It performs read operation on endpoint.\n\n- This data source allows the client to monitor the bulk request.\n","description_kind":"markdown"}},"ciscoise_endpoint_bulk_request":{"version":0,"block":{"attributes":{"id":{"type":"string","description_kind":"plain","optional":true,"computed":true},"item":{"type":"string","description_kind":"plain","computed":true},"operation_type":{"type":"string","description_kind":"plain","optional":true},"resource_media_type":{"type":"string","description_kind":"plain","optional":true}},"description":"It performs update operation on endpoint.\n\n- This data source action allows the client to submit the bulk request.\n","description_kind":"markdown"}},"ciscoise_endpoint_certificate":{"version":0,"block":{"attributes":{"cert_template_name":{"type":"string","description":"Name of an Internal CA template","description_kind":"markdown","optional":true},"dirpath":{"type":"string","description":"Directory absolute path in which to save the file.","description_kind":"markdown","required":true},"format":{"type":"string","description":"Allowed values:\n- PKCS12,\n- PKCS12_CHAIN,\n- PKCS8,\n- PKCS8_CHAIN","description_kind":"markdown","optional":true},"id":{"type":"string","description_kind":"plain","optional":true,"computed":true},"item":{"type":"string","description_kind":"plain","computed":true},"password":{"type":"string","description":"Protects the private key. Must have more than 8 characters, less than 15 characters,\nat least one upper case letter, at least one lower case letter, at least one digit,\nand can only contain [A-Z][a-z][0-9]_#","description_kind":"markdown","optional":true,"sensitive":true}},"block_types":{"certificate_request":{"nesting_mode":"list","block":{"attributes":{"cn":{"type":"string","description":"Matches the requester's User Name, unless the Requester is an ERS Admin.\nERS Admins are allowed to create requests for any CN","description_kind":"markdown","optional":true},"san":{"type":"string","description":"Valid MAC Address, delimited by '-'","description_kind":"markdown","optional":true}},"description":"Key value map. Must have CN and SAN entries","description_kind":"markdown"}}},"description":"It performs update operation on EndpointCertificate.\n\n- This data source action allows the client to create an endpoint certificate.\n","description_kind":"markdown"}},"ciscoise_endpoint_deregister":{"version":0,"block":{"attributes":{"id":{"type":"string","description":"id path parameter.","description_kind":"markdown","required":true},"item":{"type":"string","description_kind":"plain","computed":true}},"description":"It performs update operation on endpoint.\n\n- This data source action allows the client to de-register an endpoint.\n","description_kind":"markdown"}},"ciscoise_endpoint_get_rejected_endpoints":{"version":0,"block":{"attributes":{"id":{"type":"string","description_kind":"plain","optional":true,"computed":true},"item":{"type":["list",["object",{"result_value":["list",["object",{"name":"string","value":"string"}]]}]],"description_kind":"plain","computed":true}},"description":"It performs read operation on endpoint.\n\n- This data source allows the client to get the rejected endpoints.\n","description_kind":"markdown"}},"ciscoise_endpoint_group":{"version":0,"block":{"attributes":{"filter":{"type":["list","string"],"description":"filter query parameter. \n\n**Simple filtering** should be available through the filter query string parameter. The structure of a filter is\na triplet of field operator and value separated with dots. More than one filter can be sent. The logical operator\ncommon to ALL filter criteria will be by default AND, and can be changed by using the \"filterType=or\" query\nstring parameter. Each resource Data model description should specify if an attribute is a filtered field.\n\n\n\n              Operator    | Description \n\n              ------------|----------------\n\n              EQ          | Equals \n\n              NEQ         | Not Equals \n\n              GT          | Greater Than \n\n              LT          | Less Then \n\n              STARTSW     | Starts With \n\n              NSTARTSW    | Not Starts With \n\n              ENDSW       | Ends With \n\n              NENDSW      | Not Ends With \n\n              CONTAINS\t  | Contains \n\n              NCONTAINS\t  | Not Contains \n\n","description_kind":"markdown","optional":true},"filter_type":{"type":"string","description":"filterType query parameter. The logical operator common to ALL filter criteria will be by default AND, and can be changed by using the parameter","description_kind":"markdown","optional":true},"id":{"type":"string","description":"id path parameter.","description_kind":"markdown","optional":true},"item_id":{"type":["list",["object",{"description":"string","id":"string","link":["list",["object",{"href":"string","rel":"string","type":"string"}]],"name":"string","system_defined":"string"}]],"description_kind":"plain","computed":true},"item_name":{"type":["list",["object",{"description":"string","id":"string","link":["list",["object",{"href":"string","rel":"string","type":"string"}]],"name":"string","system_defined":"string"}]],"description_kind":"plain","computed":true},"items":{"type":["list",["object",{"description":"string","id":"string","link":["list",["object",{"href":"string","rel":"string","type":"string"}]],"name":"string"}]],"description_kind":"plain","computed":true},"name":{"type":"string","description":"name path parameter.","description_kind":"markdown","optional":true},"page":{"type":"number","description":"page query parameter. Page number","description_kind":"markdown","optional":true},"size":{"type":"number","description":"size query parameter. Number of objects returned per page","description_kind":"markdown","optional":true},"sortasc":{"type":"string","description":"sortasc query parameter. sort asc","description_kind":"markdown","optional":true},"sortdsc":{"type":"string","description":"sortdsc query parameter. sort desc","description_kind":"markdown","optional":true}},"description":"It performs read operation on EndpointIdentityGroup.\n\n- This data source allows the client to get an endpoint identity group by name.\n\n- This data source allows the client to get an endpoint identity group by ID.\n\n- This data source allows the client to get all the endpoint identity groups.\n\nFilter:\n\n[name]\n\nSorting:\n\n[name, description]\n","description_kind":"markdown"}},"ciscoise_endpoint_register":{"version":0,"block":{"attributes":{"custom_attributes":{"type":["map","string"],"description_kind":"plain","optional":true},"description":{"type":"string","description_kind":"plain","optional":true},"group_id":{"type":"string","description_kind":"plain","optional":true},"id":{"type":"string","description_kind":"plain","optional":true},"identity_store":{"type":"string","description_kind":"plain","optional":true},"identity_store_id":{"type":"string","description_kind":"plain","optional":true},"item":{"type":"string","description_kind":"plain","computed":true},"mac":{"type":"string","description_kind":"plain","optional":true},"name":{"type":"string","description_kind":"plain","optional":true},"portal_user":{"type":"string","description_kind":"plain","optional":true},"profile_id":{"type":"string","description_kind":"plain","optional":true},"static_group_assignment":{"type":"string","description_kind":"plain","optional":true},"static_profile_assignment":{"type":"string","description_kind":"plain","optional":true}},"block_types":{"mdm_attributes":{"nesting_mode":"list","block":{"attributes":{"mdm_compliance_status":{"type":"string","description_kind":"plain","optional":true},"mdm_encrypted":{"type":"string","description_kind":"plain","optional":true},"mdm_enrolled":{"type":"string","description_kind":"plain","optional":true},"mdm_ime_i":{"type":"string","description_kind":"plain","optional":true},"mdm_jail_broken":{"type":"string","description_kind":"plain","optional":true},"mdm_manufacturer":{"type":"string","description_kind":"plain","optional":true},"mdm_model":{"type":"string","description_kind":"plain","optional":true},"mdm_os":{"type":"string","description_kind":"plain","optional":true},"mdm_phone_number":{"type":"string","description_kind":"plain","optional":true},"mdm_pinlock":{"type":"string","description_kind":"plain","optional":true},"mdm_reachable":{"type":"string","description_kind":"plain","optional":true},"mdm_serial":{"type":"string","description_kind":"plain","optional":true},"mdm_server_name":{"type":"string","description_kind":"plain","optional":true}},"description_kind":"plain"}}},"description":"It performs update operation on endpoint.\n\n- This data source action allows the client to register an endpoint.\n","description_kind":"markdown"}},"ciscoise_endpoint_release_rejected_endpoint":{"version":0,"block":{"attributes":{"id":{"type":"string","description":"id path parameter.","description_kind":"markdown","required":true},"item":{"type":"string","description_kind":"plain","computed":true}},"description":"It performs update operation on endpoint.\n\n- This data source action allows the client to release a rejected endpoint.\n","description_kind":"markdown"}},"ciscoise_external_radius_server":{"version":0,"block":{"attributes":{"id":{"type":"string","description":"id path parameter.","description_kind":"markdown","optional":true},"item_id":{"type":["list",["object",{"accounting_port":"number","authentication_port":"number","authenticator_key":"string","description":"string","enable_key_wrap":"string","encryption_key":"string","host_ip":"string","id":"string","key_input_format":"string","link":["list",["object",{"href":"string","rel":"string","type":"string"}]],"name":"string","proxy_timeout":"number","retries":"number","shared_secret":"string","timeout":"number"}]],"description_kind":"plain","computed":true},"item_name":{"type":["list",["object",{"accounting_port":"number","authentication_port":"number","authenticator_key":"string","description":"string","enable_key_wrap":"string","encryption_key":"string","host_ip":"string","id":"string","key_input_format":"string","link":["list",["object",{"href":"string","rel":"string","type":"string"}]],"name":"string","proxy_timeout":"number","retries":"number","shared_secret":"string","timeout":"number"}]],"description_kind":"plain","computed":true},"items":{"type":["list",["object",{"description":"string","id":"string","link":["list",["object",{"href":"string","rel":"string","type":"string"}]],"name":"string"}]],"description_kind":"plain","computed":true},"name":{"type":"string","description":"name path parameter.","description_kind":"markdown","optional":true},"page":{"type":"number","description":"page query parameter. Page number","description_kind":"markdown","optional":true},"size":{"type":"number","description":"size query parameter. Number of objects returned per page","description_kind":"markdown","optional":true}},"description":"It performs read operation on ExternalRADIUSServer.\n\n- This data source allows the client to get an external RADIUS server by name.\n\n- This data source allows the client to get an external RADIUS server by ID.\n\n- This data source allows the client to get all the external RADIUS servers.\n","description_kind":"markdown"}},"ciscoise_filter_policy":{"version":0,"block":{"attributes":{"id":{"type":"string","description":"id path parameter.","description_kind":"markdown","optional":true},"item":{"type":["list",["object",{"domains":"string","sgt":"string","subnet":"string","vn":"string"}]],"description_kind":"plain","computed":true},"items":{"type":["list",["object",{"description":"string","id":"string","link":["list",["object",{"href":"string","rel":"string","type":"string"}]],"name":"string"}]],"description_kind":"plain","computed":true},"page":{"type":"number","description":"page query parameter. Page number","description_kind":"markdown","optional":true},"size":{"type":"number","description":"size query parameter. Number of objects returned per page","description_kind":"markdown","optional":true}},"description":"It performs read operation on FilterPolicy.\n\n- This data source allows the client to get a filter policy by ID.\n\n- This data source allows the client to get all the filter policies.\n","description_kind":"markdown"}},"ciscoise_guest_location":{"version":0,"block":{"attributes":{"filter":{"type":["list","string"],"description":"filter query parameter. \n\n**Simple filtering** should be available through the filter query string parameter. The structure of a filter is\na triplet of field operator and value separated with dots. More than one filter can be sent. The logical operator\ncommon to ALL filter criteria will be by default AND, and can be changed by using the \"filterType=or\" query\nstring parameter. Each resource Data model description should specify if an attribute is a filtered field.\n\n\n\n              Operator    | Description \n\n              ------------|----------------\n\n              EQ          | Equals \n\n              NEQ         | Not Equals \n\n              GT          | Greater Than \n\n              LT          | Less Then \n\n              STARTSW     | Starts With \n\n              NSTARTSW    | Not Starts With \n\n              ENDSW       | Ends With \n\n              NENDSW      | Not Ends With \n\n              CONTAINS\t  | Contains \n\n              NCONTAINS\t  | Not Contains \n\n","description_kind":"markdown","optional":true},"filter_type":{"type":"string","description":"filterType query parameter. The logical operator common to ALL filter criteria will be by default AND, and can be changed by using the parameter","description_kind":"markdown","optional":true},"id":{"type":"string","description":"id path parameter.","description_kind":"markdown","optional":true},"item":{"type":["list",["object",{"id":"string","link":["list",["object",{"href":"string","rel":"string","type":"string"}]],"name":"string"}]],"description_kind":"plain","computed":true},"items":{"type":["list",["object",{"description":"string","id":"string","link":["list",["object",{"href":"string","rel":"string","type":"string"}]],"name":"string"}]],"description_kind":"plain","computed":true},"page":{"type":"number","description":"page query parameter. Page number","description_kind":"markdown","optional":true},"size":{"type":"number","description":"size query parameter. Number of objects returned per page","description_kind":"markdown","optional":true},"sortasc":{"type":"string","description":"sortasc query parameter. sort asc","description_kind":"markdown","optional":true},"sortdsc":{"type":"string","description":"sortdsc query parameter. sort desc","description_kind":"markdown","optional":true}},"description":"It performs read operation on GuestLocation.\n\n- This data source allows the client to get a guest location by ID.\n\n- This data source allows the client to get all the guest locations.\n\nFilter:\n\n[name]\n\nSorting:\n\n[name, description]\n","description_kind":"markdown"}},"ciscoise_guest_smtp_notification_settings":{"version":0,"block":{"attributes":{"filter":{"type":["list","string"],"description":"filter query parameter. \n\n**Simple filtering** should be available through the filter query string parameter. The structure of a filter is\na triplet of field operator and value separated with dots. More than one filter can be sent. The logical operator\ncommon to ALL filter criteria will be by default AND, and can be changed by using the \"filterType=or\" query\nstring parameter. Each resource Data model description should specify if an attribute is a filtered field.\n\n\n\n              Operator    | Description \n\n              ------------|----------------\n\n              EQ          | Equals \n\n              NEQ         | Not Equals \n\n              GT          | Greater Than \n\n              LT          | Less Then \n\n              STARTSW     | Starts With \n\n              NSTARTSW    | Not Starts With \n\n              ENDSW       | Ends With \n\n              NENDSW      | Not Ends With \n\n              CONTAINS\t  | Contains \n\n              NCONTAINS\t  | Not Contains \n\n","description_kind":"markdown","optional":true},"filter_type":{"type":"string","description":"filterType query parameter. The logical operator common to ALL filter criteria will be by default AND, and can be changed by using the parameter","description_kind":"markdown","optional":true},"id":{"type":"string","description":"id path parameter.","description_kind":"markdown","optional":true},"item":{"type":["list",["object",{"connection_timeout":"string","default_from_address":"string","id":"string","link":["list",["object",{"href":"string","rel":"string","type":"string"}]],"notification_enabled":"string","password":"string","smtp_port":"string","smtp_server":"string","use_default_from_address":"string","use_password_authentication":"string","use_tlsor_ssl_encryption":"string","user_name":"string"}]],"description_kind":"plain","computed":true},"items":{"type":["list",["object",{"id":"string","link":["list",["object",{"href":"string","rel":"string","type":"string"}]]}]],"description_kind":"plain","computed":true},"page":{"type":"number","description":"page query parameter. Page number","description_kind":"markdown","optional":true},"size":{"type":"number","description":"size query parameter. Number of objects returned per page","description_kind":"markdown","optional":true},"sortasc":{"type":"string","description":"sortasc query parameter. sort asc","description_kind":"markdown","optional":true},"sortdsc":{"type":"string","description":"sortdsc query parameter. sort desc","description_kind":"markdown","optional":true}},"description":"It performs read operation on GuestSMTPNotificationConfiguration.\n\n- This data source allows the client to get a guest SMTP notification configuration by ID.\n\n- This data source allows the client to get all the guest SMTP notification configurations.\n\nFilter:\n\n[name]\n\nSorting:\n\n[name, description]\n","description_kind":"markdown"}},"ciscoise_guest_ssid":{"version":0,"block":{"attributes":{"filter":{"type":["list","string"],"description":"filter query parameter. \n\n**Simple filtering** should be available through the filter query string parameter. The structure of a filter is\na triplet of field operator and value separated with dots. More than one filter can be sent. The logical operator\ncommon to ALL filter criteria will be by default AND, and can be changed by using the \"filterType=or\" query\nstring parameter. Each resource Data model description should specify if an attribute is a filtered field.\n\n\n\n              Operator    | Description \n\n              ------------|----------------\n\n              EQ          | Equals \n\n              NEQ         | Not Equals \n\n              GT          | Greater Than \n\n              LT          | Less Then \n\n              STARTSW     | Starts With \n\n              NSTARTSW    | Not Starts With \n\n              ENDSW       | Ends With \n\n              NENDSW      | Not Ends With \n\n              CONTAINS\t  | Contains \n\n              NCONTAINS\t  | Not Contains \n\n","description_kind":"markdown","optional":true},"filter_type":{"type":"string","description":"filterType query parameter. The logical operator common to ALL filter criteria will be by default AND, and can be changed by using the parameter","description_kind":"markdown","optional":true},"id":{"type":"string","description":"id path parameter.","description_kind":"markdown","optional":true},"item":{"type":["list",["object",{"id":"string","link":["list",["object",{"href":"string","rel":"string","type":"string"}]],"name":"string"}]],"description_kind":"plain","computed":true},"items":{"type":["list",["object",{"id":"string","link":["list",["object",{"href":"string","rel":"string","type":"string"}]],"name":"string"}]],"description_kind":"plain","computed":true},"page":{"type":"number","description":"page query parameter. Page number","description_kind":"markdown","optional":true},"size":{"type":"number","description":"size query parameter. Number of objects returned per page","description_kind":"markdown","optional":true},"sortasc":{"type":"string","description":"sortasc query parameter. sort asc","description_kind":"markdown","optional":true},"sortdsc":{"type":"string","description":"sortdsc query parameter. sort desc","description_kind":"markdown","optional":true}},"description":"It performs read operation on GuestSSID.\n\n- This data source allows the client to get a guest SSID by ID.\n\n- This data source allows the client to get all the guest SSIDs.\n\nFilter:\n\n[name]\n\nSorting:\n\n[name, description]\n","description_kind":"markdown"}},"ciscoise_guest_type":{"version":0,"block":{"attributes":{"filter":{"type":["list","string"],"description":"filter query parameter. \n\n**Simple filtering** should be available through the filter query string parameter. The structure of a filter is\na triplet of field operator and value separated with dots. More than one filter can be sent. The logical operator\ncommon to ALL filter criteria will be by default AND, and can be changed by using the \"filterType=or\" query\nstring parameter. Each resource Data model description should specify if an attribute is a filtered field.\n\n\n\n              Operator    | Description \n\n              ------------|----------------\n\n              EQ          | Equals \n\n              NEQ         | Not Equals \n\n              GT          | Greater Than \n\n              LT          | Less Then \n\n              STARTSW     | Starts With \n\n              NSTARTSW    | Not Starts With \n\n              ENDSW       | Ends With \n\n              NENDSW      | Not Ends With \n\n              CONTAINS\t  | Contains \n\n              NCONTAINS\t  | Not Contains \n\n","description_kind":"markdown","optional":true},"filter_type":{"type":"string","description":"filterType query parameter. The logical operator common to ALL filter criteria will be by default AND, and can be changed by using the parameter","description_kind":"markdown","optional":true},"id":{"type":"string","description":"id path parameter.","description_kind":"markdown","optional":true},"item":{"type":["list",["object",{"access_time":["list",["object",{"allow_access_on_specific_days_times":"string","day_time_limits":["list",["object",{"days":["list","string"],"end_time":"string","start_time":"string"}]],"default_duration":"number","duration_time_unit":"string","from_first_login":"string","max_account_duration":"number"}]],"description":"string","expiration_notification":["list",["object",{"advance_notification_duration":"number","advance_notification_units":"string","email_text":"string","enable_notification":"string","send_email_notification":"string","send_sms_notification":"string","sms_text":"string"}]],"id":"string","is_default_type":"string","link":["list",["object",{"href":"string","rel":"string","type":"string"}]],"login_options":["list",["object",{"allow_guest_portal_bypass":"string","failure_action":"string","identity_group_id":"string","limit_simultaneous_logins":"string","max_registered_devices":"number","max_simultaneous_logins":"number"}]],"name":"string","sponsor_groups":["list","string"]}]],"description_kind":"plain","computed":true},"items":{"type":["list",["object",{"description":"string","id":"string","link":["list",["object",{"href":"string","rel":"string","type":"string"}]],"name":"string"}]],"description_kind":"plain","computed":true},"page":{"type":"number","description":"page query parameter. Page number","description_kind":"markdown","optional":true},"size":{"type":"number","description":"size query parameter. Number of objects returned per page","description_kind":"markdown","optional":true},"sortasc":{"type":"string","description":"sortasc query parameter. sort asc","description_kind":"markdown","optional":true},"sortdsc":{"type":"string","description":"sortdsc query parameter. sort desc","description_kind":"markdown","optional":true}},"description":"It performs read operation on GuestType.\n\n- This data source allows the client to get a guest type by ID.\n\n- This data source allows the client to get all the guest types.\n\nFilter:\n\n[name]\n\nSorting:\n\n[name, description]\n","description_kind":"markdown"}},"ciscoise_guest_type_email":{"version":0,"block":{"attributes":{"id":{"type":"string","description":"id path parameter.","description_kind":"markdown","required":true},"item":{"type":"string","description_kind":"plain","computed":true}},"block_types":{"additional_data":{"nesting_mode":"list","block":{"attributes":{"name":{"type":"string","description_kind":"plain","optional":true},"value":{"type":"string","description_kind":"plain","optional":true}},"description_kind":"plain"}}},"description":"It performs update operation on GuestType.\n\n- This data source action allows the client to update a guest type email by ID.\n","description_kind":"markdown"}},"ciscoise_guest_type_sms":{"version":0,"block":{"attributes":{"id":{"type":"string","description":"id path parameter.","description_kind":"markdown","required":true},"item":{"type":"string","description_kind":"plain","computed":true}},"block_types":{"additional_data":{"nesting_mode":"list","block":{"attributes":{"name":{"type":"string","description_kind":"plain","optional":true},"value":{"type":"string","description_kind":"plain","optional":true}},"description_kind":"plain"}}},"description":"It performs update operation on GuestType.\n\n- This data source action allows the client to update a guest type sms by ID.\n","description_kind":"markdown"}},"ciscoise_guest_user":{"version":0,"block":{"attributes":{"filter":{"type":["list","string"],"description":"filter query parameter. \n\n**Simple filtering** should be available through the filter query string parameter. The structure of a filter is\na triplet of field operator and value separated with dots. More than one filter can be sent. The logical operator\ncommon to ALL filter criteria will be by default AND, and can be changed by using the \"filterType=or\" query\nstring parameter. Each resource Data model description should specify if an attribute is a filtered field.\n\n\n\n              Operator    | Description \n\n              ------------|----------------\n\n              EQ          | Equals \n\n              NEQ         | Not Equals \n\n              GT          | Greater Than \n\n              LT          | Less Then \n\n              STARTSW     | Starts With \n\n              NSTARTSW    | Not Starts With \n\n              ENDSW       | Ends With \n\n              NENDSW      | Not Ends With \n\n              CONTAINS\t  | Contains \n\n              NCONTAINS\t  | Not Contains \n\n","description_kind":"markdown","optional":true},"filter_type":{"type":"string","description":"filterType query parameter. The logical operator common to ALL filter criteria will be by default AND, and can be changed by using the parameter","description_kind":"markdown","optional":true},"id":{"type":"string","description":"id path parameter.","description_kind":"markdown","optional":true},"item_id":{"type":["list",["object",{"custom_fields":["map","string"],"description":"string","guest_access_info":["list",["object",{"from_date":"string","group_tag":"string","location":"string","ssid":"string","to_date":"string","valid_days":"number"}]],"guest_info":["list",["object",{"company":"string","creation_time":"string","email_address":"string","enabled":"string","first_name":"string","last_name":"string","notification_language":"string","password":"string","phone_number":"string","sms_service_provider":"string","user_name":"string"}]],"guest_type":"string","id":"string","link":["list",["object",{"href":"string","rel":"string","type":"string"}]],"name":"string","portal_id":"string","reason_for_visit":"string","sponsor_user_id":"string","sponsor_user_name":"string","status":"string","status_reason":"string"}]],"description_kind":"plain","computed":true},"item_name":{"type":["list",["object",{"custom_fields":["map","string"],"description":"string","guest_access_info":["list",["object",{"from_date":"string","group_tag":"string","location":"string","ssid":"string","to_date":"string","valid_days":"number"}]],"guest_info":["list",["object",{"company":"string","creation_time":"string","email_address":"string","enabled":"string","first_name":"string","last_name":"string","notification_language":"string","password":"string","phone_number":"string","sms_service_provider":"string","user_name":"string"}]],"guest_type":"string","id":"string","link":["list",["object",{"href":"string","rel":"string","type":"string"}]],"name":"string","portal_id":"string","reason_for_visit":"string","sponsor_user_id":"string","sponsor_user_name":"string","status":"string","status_reason":"string"}]],"description_kind":"plain","computed":true},"items":{"type":["list",["object",{"description":"string","id":"string","link":["list",["object",{"href":"string","rel":"string","type":"string"}]],"name":"string"}]],"description_kind":"plain","computed":true},"name":{"type":"string","description":"name path parameter.","description_kind":"markdown","optional":true},"page":{"type":"number","description":"page query parameter. Page number","description_kind":"markdown","optional":true},"size":{"type":"number","description":"size query parameter. Number of objects returned per page","description_kind":"markdown","optional":true},"sortasc":{"type":"string","description":"sortasc query parameter. sort asc","description_kind":"markdown","optional":true},"sortdsc":{"type":"string","description":"sortdsc query parameter. sort desc","description_kind":"markdown","optional":true}},"description":"It performs read operation on GuestUser.\n\n- This data source allows the client to get a guest user by name.\n\n- This data source allows the client to get a guest user by ID.\n\n- This data source allows the client to get all the guest users.\n\nFilter:\n\n[lastName, sponsor, creationTime, personBeingVisited, toDate, userName, firstName, emailAddress, phoneNumber, groupTag,\nname, company, guestType, status]\n\nSorting:\n\n[firstName, lastName, emailAddress, name, description]\n","description_kind":"markdown"}},"ciscoise_guest_user_approve":{"version":0,"block":{"attributes":{"id":{"type":"string","description":"id path parameter.","description_kind":"markdown","required":true},"item":{"type":"string","description_kind":"plain","computed":true}},"description":"It performs update operation on GuestUser.\n\n- This data source action allows the client to approve a guest user by ID.\n","description_kind":"markdown"}},"ciscoise_guest_user_bulk_monitor_status":{"version":0,"block":{"attributes":{"bulkid":{"type":"string","description":"bulkid path parameter.","description_kind":"markdown","required":true},"id":{"type":"string","description_kind":"plain","optional":true,"computed":true},"item":{"type":["list",["object",{"bulk_id":"string","execution_status":"string","fail_count":"number","media_type":"string","operation_type":"string","resources_count":"number","resources_status":["list",["object",{"description":"string","id":"string","name":"string","resource_execution_status":"string","status":"string"}]],"start_time":"string","success_count":"number"}]],"description_kind":"plain","computed":true}},"description":"It performs read operation on GuestUser.\n\n- This data source allows the client to monitor the bulk request.\n","description_kind":"markdown"}},"ciscoise_guest_user_bulk_request":{"version":0,"block":{"attributes":{"id":{"type":"string","description_kind":"plain","optional":true,"computed":true},"item":{"type":"string","description_kind":"plain","computed":true},"operation_type":{"type":"string","description_kind":"plain","optional":true},"resource_media_type":{"type":"string","description_kind":"plain","optional":true}},"description":"It performs update operation on GuestUser.\n\n- This data source action allows the client to submit the bulk request.\n","description_kind":"markdown"}},"ciscoise_guest_user_change_sponsor_password":{"version":0,"block":{"attributes":{"id":{"type":"string","description_kind":"plain","optional":true,"computed":true},"item":{"type":"string","description_kind":"plain","computed":true},"portal_id":{"type":"string","description":"portalId path parameter.","description_kind":"markdown","required":true}},"block_types":{"additional_data":{"nesting_mode":"list","block":{"attributes":{"name":{"type":"string","description_kind":"plain","optional":true},"value":{"type":"string","description_kind":"plain","optional":true}},"description_kind":"plain"}}},"description":"It performs update operation on GuestUser.\n\n- This data source action allows the client to change the sponsor password.\n","description_kind":"markdown"}},"ciscoise_guest_user_deny":{"version":0,"block":{"attributes":{"id":{"type":"string","description":"id path parameter.","description_kind":"markdown","required":true},"item":{"type":"string","description_kind":"plain","computed":true}},"description":"It performs update operation on GuestUser.\n\n- This data source action allows the client to deny a guest user by ID.\n","description_kind":"markdown"}},"ciscoise_guest_user_email":{"version":0,"block":{"attributes":{"id":{"type":"string","description":"id path parameter.","description_kind":"markdown","required":true},"item":{"type":"string","description_kind":"plain","computed":true},"portal_id":{"type":"string","description":"portalId path parameter.","description_kind":"markdown","required":true}},"block_types":{"additional_data":{"nesting_mode":"list","block":{"attributes":{"name":{"type":"string","description_kind":"plain","optional":true},"value":{"type":"string","description_kind":"plain","optional":true}},"description_kind":"plain"}}},"description":"It performs update operation on GuestUser.\n\n- This data source action allows the client to update a guest user email by ID.\n","description_kind":"markdown"}},"ciscoise_guest_user_reinstate":{"version":0,"block":{"attributes":{"id":{"type":"string","description":"id path parameter.","description_kind":"markdown","optional":true},"item":{"type":"string","description_kind":"plain","computed":true},"name":{"type":"string","description":"name path parameter.","description_kind":"markdown","optional":true}},"description":"It performs update operation on GuestUser.\n\n- This data source action allows the client to reinstate a guest user by name.\n\n- This data source action allows the client to reinstate a guest user by ID.\n","description_kind":"markdown"}},"ciscoise_guest_user_reset_password":{"version":0,"block":{"attributes":{"id":{"type":"string","description":"id path parameter.","description_kind":"markdown","required":true},"item":{"type":["list",["object",{"result_value":["list",["object",{"name":"string","value":"string"}]]}]],"description_kind":"plain","computed":true}},"description":"It performs update operation on GuestUser.\n\n- This data source action allows the client to reset the guest user password.\n","description_kind":"markdown"}},"ciscoise_guest_user_sms":{"version":0,"block":{"attributes":{"id":{"type":"string","description":"id path parameter.","description_kind":"markdown","required":true},"item":{"type":"string","description_kind":"plain","computed":true},"portal_id":{"type":"string","description":"portalId path parameter.","description_kind":"markdown","required":true}},"description":"It performs update operation on GuestUser.\n\n- This data source action allows the client to update a guest user sms by ID.\n","description_kind":"markdown"}},"ciscoise_guest_user_suspend":{"version":0,"block":{"attributes":{"id":{"type":"string","description":"id path parameter.","description_kind":"markdown","optional":true},"item":{"type":"string","description_kind":"plain","computed":true},"name":{"type":"string","description":"name path parameter.","description_kind":"markdown","optional":true}},"block_types":{"additional_data":{"nesting_mode":"list","block":{"attributes":{"name":{"type":"string","description_kind":"plain","optional":true},"value":{"type":"string","description_kind":"plain","optional":true}},"description_kind":"plain"}}},"description":"It performs update operation on GuestUser.\n\n- This data source action allows the client to suspend a guest user by name.\n\n- This data source action allows the client to suspend a guest user by ID.\n","description_kind":"markdown"}},"ciscoise_hotspot_portal":{"version":0,"block":{"attributes":{"filter":{"type":["list","string"],"description":"filter query parameter. \n\n**Simple filtering** should be available through the filter query string parameter. The structure of a filter is\na triplet of field operator and value separated with dots. More than one filter can be sent. The logical operator\ncommon to ALL filter criteria will be by default AND, and can be changed by using the \"filterType=or\" query\nstring parameter. Each resource Data model description should specify if an attribute is a filtered field.\n\n\n\n              Operator    | Description \n\n              ------------|----------------\n\n              EQ          | Equals \n\n              NEQ         | Not Equals \n\n              GT          | Greater Than \n\n              LT          | Less Then \n\n              STARTSW     | Starts With \n\n              NSTARTSW    | Not Starts With \n\n              ENDSW       | Ends With \n\n              NENDSW      | Not Ends With \n\n              CONTAINS\t  | Contains \n\n              NCONTAINS\t  | Not Contains \n\n","description_kind":"markdown","optional":true},"filter_type":{"type":"string","description":"filterType query parameter. The logical operator common to ALL filter criteria will be by default AND, and can be changed by using the parameter","description_kind":"markdown","optional":true},"id":{"type":"string","description":"id path parameter.","description_kind":"markdown","optional":true},"item":{"type":["list",["object",{"customizations":["list",["object",{"global_customizations":["list",["object",{"background_image":["list",["object",{"data":"string"}]],"banner_image":["list",["object",{"data":"string"}]],"banner_title":"string","contact_text":"string","desktop_logo_image":["list",["object",{"data":"string"}]],"footer_element":"string","mobile_logo_image":["list",["object",{"data":"string"}]]}]],"language":["list",["object",{"view_language":"string"}]],"page_customizations":["list",["object",{"data":["list",["object",{"key":"string","value":"string"}]]}]],"portal_theme":["list",["object",{"id":"string","name":"string","theme_data":"string"}]],"portal_tweak_settings":["list",["object",{"banner_color":"string","banner_text_color":"string","page_background_color":"string","page_label_and_text_color":"string"}]]}]],"description":"string","id":"string","link":["list",["object",{"href":"string","rel":"string","type":"string"}]],"name":"string","portal_test_url":"string","portal_type":"string","settings":["list",["object",{"aup_settings":["list",["object",{"access_code":"string","include_aup":"string","require_access_code":"string","require_scrolling":"string"}]],"auth_success_settings":["list",["object",{"redirect_url":"string","success_redirect":"string"}]],"portal_settings":["list",["object",{"allowed_interfaces":["list","string"],"always_used_language":"string","certificate_group_tag":"string","coa_type":"string","display_lang":"string","endpoint_identity_group":"string","fallback_language":"string","https_port":"number"}]],"post_access_banner_settings":["list",["object",{"include_post_access_banner":"string"}]],"post_login_banner_settings":["list",["object",{"include_post_access_banner":"string"}]],"support_info_settings":["list",["object",{"default_empty_field_value":"string","empty_field_display":"string","include_browser_user_agent":"string","include_failure_code":"string","include_ip_address":"string","include_mac_addr":"string","include_policy_server":"string","include_support_info_page":"string"}]]}]]}]],"description_kind":"plain","computed":true},"items":{"type":["list",["object",{"description":"string","id":"string","link":["list",["object",{"href":"string","rel":"string","type":"string"}]],"name":"string"}]],"description_kind":"plain","computed":true},"page":{"type":"number","description":"page query parameter. Page number","description_kind":"markdown","optional":true},"size":{"type":"number","description":"size query parameter. Number of objects returned per page","description_kind":"markdown","optional":true},"sortasc":{"type":"string","description":"sortasc query parameter. sort asc","description_kind":"markdown","optional":true},"sortdsc":{"type":"string","description":"sortdsc query parameter. sort desc","description_kind":"markdown","optional":true}},"description":"It performs read operation on HotspotPortal.\n\n- This data source allows the client to get a hotspot portal by ID.\n\n- This data source allows the client to get all the hotspot portals.\n\nFilter:\n\n[name]\n\nSorting:\n\n[name, description]\n","description_kind":"markdown"}},"ciscoise_id_store_sequence":{"version":0,"block":{"attributes":{"id":{"type":"string","description":"id path parameter.","description_kind":"markdown","optional":true},"item_id":{"type":["list",["object",{"break_on_store_fail":"string","certificate_authentication_profile":"string","description":"string","id":"string","id_seq_item":["list",["object",{"idstore":"string","order":"number"}]],"link":["list",["object",{"href":"string","rel":"string","type":"string"}]],"name":"string","parent":"string"}]],"description_kind":"plain","computed":true},"item_name":{"type":["list",["object",{"break_on_store_fail":"string","certificate_authentication_profile":"string","description":"string","id":"string","id_seq_item":["list",["object",{"idstore":"string","order":"number"}]],"link":["list",["object",{"href":"string","rel":"string","type":"string"}]],"name":"string","parent":"string"}]],"description_kind":"plain","computed":true},"items":{"type":["list",["object",{"description":"string","id":"string","link":["list",["object",{"href":"string","rel":"string","type":"string"}]],"name":"string"}]],"description_kind":"plain","computed":true},"name":{"type":"string","description":"name path parameter.","description_kind":"markdown","optional":true},"page":{"type":"number","description":"page query parameter. Page number","description_kind":"markdown","optional":true},"size":{"type":"number","description":"size query parameter. Number of objects returned per page","description_kind":"markdown","optional":true}},"description":"It performs read operation on IdentitySequence.\n\n- This data source allows the client to get an identity sequence by name.\n\n- This data source allows the client to get an identity sequence by ID.\n\n- This data source allows the client to get all the identity sequences.\n","description_kind":"markdown"}},"ciscoise_identity_group":{"version":0,"block":{"attributes":{"filter":{"type":["list","string"],"description":"filter query parameter. \n\n**Simple filtering** should be available through the filter query string parameter. The structure of a filter is\na triplet of field operator and value separated with dots. More than one filter can be sent. The logical operator\ncommon to ALL filter criteria will be by default AND, and can be changed by using the \"filterType=or\" query\nstring parameter. Each resource Data model description should specify if an attribute is a filtered field.\n\n\n\n              Operator    | Description \n\n              ------------|----------------\n\n              EQ          | Equals \n\n              NEQ         | Not Equals \n\n              GT          | Greater Than \n\n              LT          | Less Then \n\n              STARTSW     | Starts With \n\n              NSTARTSW    | Not Starts With \n\n              ENDSW       | Ends With \n\n              NENDSW      | Not Ends With \n\n              CONTAINS\t  | Contains \n\n              NCONTAINS\t  | Not Contains \n\n","description_kind":"markdown","optional":true},"filter_type":{"type":"string","description":"filterType query parameter. The logical operator common to ALL filter criteria will be by default AND, and can be changed by using the parameter","description_kind":"markdown","optional":true},"id":{"type":"string","description":"id path parameter.","description_kind":"markdown","optional":true},"item_id":{"type":["list",["object",{"description":"string","id":"string","link":["list",["object",{"href":"string","rel":"string","type":"string"}]],"name":"string","parent":"string"}]],"description_kind":"plain","computed":true},"item_name":{"type":["list",["object",{"description":"string","id":"string","link":["list",["object",{"href":"string","rel":"string","type":"string"}]],"name":"string","parent":"string"}]],"description_kind":"plain","computed":true},"items":{"type":["list",["object",{"description":"string","id":"string","link":["list",["object",{"href":"string","rel":"string","type":"string"}]],"name":"string"}]],"description_kind":"plain","computed":true},"name":{"type":"string","description":"name path parameter.","description_kind":"markdown","optional":true},"page":{"type":"number","description":"page query parameter. Page number","description_kind":"markdown","optional":true},"size":{"type":"number","description":"size query parameter. Number of objects returned per page","description_kind":"markdown","optional":true},"sortasc":{"type":"string","description":"sortasc query parameter. sort asc","description_kind":"markdown","optional":true},"sortdsc":{"type":"string","description":"sortdsc query parameter. sort desc","description_kind":"markdown","optional":true}},"description":"It performs read operation on IdentityGroups.\n\n- This data source allows the client to get an identity group by name.\n\n- This data source allows the client to get an identity group by ID.\n\n- This data source allows the client to get all the identity groups.\n\nFilter:\n\n[name, description]\n\nSorting:\n\n[name, description]\n","description_kind":"markdown"}},"ciscoise_internal_user":{"version":0,"block":{"attributes":{"filter":{"type":["list","string"],"description":"filter query parameter. \n\n**Simple filtering** should be available through the filter query string parameter. The structure of a filter is\na triplet of field operator and value separated with dots. More than one filter can be sent. The logical operator\ncommon to ALL filter criteria will be by default AND, and can be changed by using the \"filterType=or\" query\nstring parameter. Each resource Data model description should specify if an attribute is a filtered field.\n\n\n\n              Operator    | Description \n\n              ------------|----------------\n\n              EQ          | Equals \n\n              NEQ         | Not Equals \n\n              GT          | Greater Than \n\n              LT          | Less Then \n\n              STARTSW     | Starts With \n\n              NSTARTSW    | Not Starts With \n\n              ENDSW       | Ends With \n\n              NENDSW      | Not Ends With \n\n              CONTAINS\t  | Contains \n\n              NCONTAINS\t  | Not Contains \n\n","description_kind":"markdown","optional":true},"filter_type":{"type":"string","description":"filterType query parameter. The logical operator common to ALL filter criteria will be by default AND, and can be changed by using the parameter","description_kind":"markdown","optional":true},"id":{"type":"string","description":"id path parameter.","description_kind":"markdown","optional":true},"item_id":{"type":["list",["object",{"change_password":"string","custom_attributes":["map","string"],"description":"string","email":"string","enable_password":"string","enabled":"string","expiry_date":"string","expiry_date_enabled":"string","first_name":"string","id":"string","identity_groups":"string","last_name":"string","link":["list",["object",{"href":"string","rel":"string","type":"string"}]],"name":"string","password":"string","password_idstore":"string"}]],"description_kind":"plain","computed":true},"item_name":{"type":["list",["object",{"change_password":"string","custom_attributes":["map","string"],"description":"string","email":"string","enable_password":"string","enabled":"string","expiry_date":"string","expiry_date_enabled":"string","first_name":"string","id":"string","identity_groups":"string","last_name":"string","link":["list",["object",{"href":"string","rel":"string","type":"string"}]],"name":"string","password":"string","password_idstore":"string"}]],"description_kind":"plain","computed":true},"items":{"type":["list",["object",{"description":"string","id":"string","link":["list",["object",{"href":"string","rel":"string","type":"string"}]],"name":"string"}]],"description_kind":"plain","computed":true},"name":{"type":"string","description":"name path parameter.","description_kind":"markdown","optional":true},"page":{"type":"number","description":"page query parameter. Page number","description_kind":"markdown","optional":true},"size":{"type":"number","description":"size query parameter. Number of objects returned per page","description_kind":"markdown","optional":true},"sortasc":{"type":"string","description":"sortasc query parameter. sort asc","description_kind":"markdown","optional":true},"sortdsc":{"type":"string","description":"sortdsc query parameter. sort desc","description_kind":"markdown","optional":true}},"description":"It performs read operation on InternalUser.\n\n- This data source allows the client to get an internal user by name.\n\n- This data source allows the client to get an internal user by ID.\n\n- This data source allows the client to get all the internal users.\n\nFilter:\n\n[firstName, lastName, identityGroup, name, description, email, enabled]\n\nSorting:\n\n[name, description]\n","description_kind":"markdown"}},"ciscoise_ise_root_ca_regenerate":{"version":0,"block":{"attributes":{"id":{"type":"string","description_kind":"plain","optional":true,"computed":true},"item":{"type":["list",["object",{"id":"string","link":["list",["object",{"href":"string","rel":"string","type":"string"}]],"message":"string"}]],"description_kind":"plain","computed":true},"remove_existing_ise_intermediate_csr":{"type":"string","description":"Setting this attribute to true will remove existing ISE Intermediate CSR","description_kind":"markdown","optional":true}},"description":"It performs create operation on Certificates.\n\n- This data source action will initiate regeneration of ISE root CA certificate chain. Response contains id which can be\nused to track the status.\n  Setting \"removeExistingISEIntermediateCSR\" to true will remove existing ISE Intermediate CSR\n","description_kind":"markdown"}},"ciscoise_mnt_account_status":{"version":0,"block":{"attributes":{"duration":{"type":"string","description":"duration path parameter.","description_kind":"markdown","required":true},"id":{"type":"string","description_kind":"plain","optional":true,"computed":true},"item":{"type":"string","description_kind":"plain","computed":true},"mac":{"type":"string","description":"mac path parameter.","description_kind":"markdown","required":true}},"description":"It performs read operation on Misc.\n\n- AccountStatus by MAC\n","description_kind":"markdown"}},"ciscoise_mnt_athentication_status":{"version":0,"block":{"attributes":{"id":{"type":"string","description_kind":"plain","optional":true,"computed":true},"item":{"type":"string","description_kind":"plain","computed":true},"mac":{"type":"string","description":"MAC path parameter.","description_kind":"markdown","required":true},"rec_ord_s":{"type":"string","description":"RECORDS path parameter.","description_kind":"markdown","required":true},"sec_ond_s":{"type":"string","description":"SECONDS path parameter.","description_kind":"markdown","required":true}},"description":"It performs read operation on Misc.\n\n- AuthenticationStatus by MAC\n","description_kind":"markdown"}},"ciscoise_mnt_failure_reasons":{"version":0,"block":{"attributes":{"id":{"type":"string","description_kind":"plain","optional":true,"computed":true},"item":{"type":"string","description_kind":"plain","computed":true}},"description":"It performs read operation on Misc.\n\n- FailureReasons\n","description_kind":"markdown"}},"ciscoise_mnt_session_active_count":{"version":0,"block":{"attributes":{"id":{"type":"string","description_kind":"plain","optional":true,"computed":true},"item":{"type":["list",["object",{"count":"number"}]],"description_kind":"plain","computed":true}},"description":"It performs read operation on Misc.\n\n- ActiveCount\n","description_kind":"markdown"}},"ciscoise_mnt_session_active_list":{"version":0,"block":{"attributes":{"id":{"type":"string","description_kind":"plain","optional":true,"computed":true},"item":{"type":["list",["object",{"no_of_active_session":"number"}]],"description_kind":"plain","computed":true}},"description":"It performs read operation on Misc.\n\n- ActiveList\n","description_kind":"markdown"}},"ciscoise_mnt_session_auth_list":{"version":0,"block":{"attributes":{"id":{"type":"string","description_kind":"plain","optional":true,"computed":true},"item":{"type":["list",["object",{"no_of_active_session":"number"}]],"description_kind":"plain","computed":true}},"description":"It performs read operation on Misc.\n\n- Session/AuthList\n","description_kind":"markdown"}},"ciscoise_mnt_session_by_ip":{"version":0,"block":{"attributes":{"endpoint_ipv4":{"type":"string","description":"endpoint_ipv4 path parameter.","description_kind":"markdown","required":true},"id":{"type":"string","description_kind":"plain","optional":true,"computed":true},"item":{"type":"string","description_kind":"plain","computed":true}},"description":"It performs read operation on Misc.\n\n- Sessions by Endpoint IP\n","description_kind":"markdown"}},"ciscoise_mnt_session_by_mac":{"version":0,"block":{"attributes":{"id":{"type":"string","description_kind":"plain","optional":true,"computed":true},"item":{"type":"string","description_kind":"plain","computed":true},"mac":{"type":"string","description":"mac path parameter.","description_kind":"markdown","required":true}},"description":"It performs read operation on Misc.\n\n- Sessions by MAC\n","description_kind":"markdown"}},"ciscoise_mnt_session_by_nas_ip":{"version":0,"block":{"attributes":{"id":{"type":"string","description_kind":"plain","optional":true,"computed":true},"item":{"type":"string","description_kind":"plain","computed":true},"nas_ipv4":{"type":"string","description":"nas_ipv4 path parameter.","description_kind":"markdown","required":true}},"description":"It performs read operation on Misc.\n\n- Sessions by NAS IP\n","description_kind":"markdown"}},"ciscoise_mnt_session_by_username":{"version":0,"block":{"attributes":{"id":{"type":"string","description_kind":"plain","optional":true,"computed":true},"item":{"type":"string","description_kind":"plain","computed":true},"username":{"type":"string","description":"username path parameter.","description_kind":"markdown","required":true}},"description":"It performs read operation on Misc.\n\n- Sessions by Username\n","description_kind":"markdown"}},"ciscoise_mnt_session_delete_all":{"version":0,"block":{"attributes":{"id":{"type":"string","description_kind":"plain","optional":true,"computed":true},"item":{"type":"string","description_kind":"plain","computed":true}},"description":"It performs delete operation on Misc.\n\n- Delete All Sessions\n","description_kind":"markdown"}},"ciscoise_mnt_session_disconnect":{"version":0,"block":{"attributes":{"dis_con_nec_tty_pe":{"type":"string","description":"DISCONNECT_TYPE path parameter.","description_kind":"markdown","required":true},"end_poi_nti_p":{"type":"string","description":"ENDPOINT_IP path parameter.","description_kind":"markdown","required":true},"id":{"type":"string","description_kind":"plain","optional":true,"computed":true},"item":{"type":"string","description_kind":"plain","computed":true},"mac":{"type":"string","description":"MAC path parameter.","description_kind":"markdown","required":true},"nas_ipv4":{"type":"string","description":"NAS_IPV4 path parameter.","description_kind":"markdown","required":true},"psn_nam_e":{"type":"string","description":"PSN_NAME path parameter.","description_kind":"markdown","required":true}},"description":"It performs read operation on Misc.\n\n- Session Disconnect\n","description_kind":"markdown"}},"ciscoise_mnt_session_posture_count":{"version":0,"block":{"attributes":{"id":{"type":"string","description_kind":"plain","optional":true,"computed":true},"item":{"type":["list",["object",{"count":"number"}]],"description_kind":"plain","computed":true}},"description":"It performs read operation on Misc.\n\n- PostureCount\n","description_kind":"markdown"}},"ciscoise_mnt_session_profiler_count":{"version":0,"block":{"attributes":{"id":{"type":"string","description_kind":"plain","optional":true,"computed":true},"item":{"type":["list",["object",{"count":"number"}]],"description_kind":"plain","computed":true}},"description":"It performs read operation on Misc.\n\n- ProfilerCount\n","description_kind":"markdown"}},"ciscoise_mnt_session_reauthentication":{"version":0,"block":{"attributes":{"end_poi_ntm_ac":{"type":"string","description":"ENDPOINT_MAC path parameter.","description_kind":"markdown","required":true},"id":{"type":"string","description_kind":"plain","optional":true,"computed":true},"item":{"type":"string","description_kind":"plain","computed":true},"psn_nam_e":{"type":"string","description":"PSN_NAME path parameter.","description_kind":"markdown","required":true},"rea_uth_typ_e":{"type":"string","description":"REAUTH_TYPE path parameter.","description_kind":"markdown","required":true}},"description":"It performs read operation on Misc.\n\n- Session Reauthentication by MAC\n","description_kind":"markdown"}},"ciscoise_mnt_sessions_by_session_id":{"version":0,"block":{"attributes":{"id":{"type":"string","description_kind":"plain","optional":true,"computed":true},"item":{"type":"string","description_kind":"plain","computed":true},"session_id":{"type":"string","description":"session_id path parameter.","description_kind":"markdown","required":true}},"description":"It performs read operation on Misc.\n\n- Sessions by SessionID\n","description_kind":"markdown"}},"ciscoise_mnt_version":{"version":0,"block":{"attributes":{"id":{"type":"string","description_kind":"plain","optional":true,"computed":true},"item":{"type":["list",["object",{"name":"string","type_of_node":"number","version":"string"}]],"description_kind":"plain","computed":true}},"description":"It performs read operation on Misc.\n\n- MNT Version\n","description_kind":"markdown"}},"ciscoise_my_device_portal":{"version":0,"block":{"attributes":{"filter":{"type":["list","string"],"description":"filter query parameter. \n\n**Simple filtering** should be available through the filter query string parameter. The structure of a filter is\na triplet of field operator and value separated with dots. More than one filter can be sent. The logical operator\ncommon to ALL filter criteria will be by default AND, and can be changed by using the \"filterType=or\" query\nstring parameter. Each resource Data model description should specify if an attribute is a filtered field.\n\n\n\n              Operator    | Description \n\n              ------------|----------------\n\n              EQ          | Equals \n\n              NEQ         | Not Equals \n\n              GT          | Greater Than \n\n              LT          | Less Then \n\n              STARTSW     | Starts With \n\n              NSTARTSW    | Not Starts With \n\n              ENDSW       | Ends With \n\n              NENDSW      | Not Ends With \n\n              CONTAINS\t  | Contains \n\n              NCONTAINS\t  | Not Contains \n\n","description_kind":"markdown","optional":true},"filter_type":{"type":"string","description":"filterType query parameter. The logical operator common to ALL filter criteria will be by default AND, and can be changed by using the parameter","description_kind":"markdown","optional":true},"id":{"type":"string","description":"id path parameter.","description_kind":"markdown","optional":true},"item":{"type":["list",["object",{"customizations":["list",["object",{"global_customizations":["list",["object",{"background_image":["list",["object",{"data":"string"}]],"banner_image":["list",["object",{"data":"string"}]],"banner_title":"string","contact_text":"string","desktop_logo_image":["list",["object",{"data":"string"}]],"footer_element":"string","mobile_logo_image":["list",["object",{"data":"string"}]]}]],"language":["list",["object",{"view_language":"string"}]],"page_customizations":["list",["object",{"data":["list",["object",{"key":"string","value":"string"}]]}]],"portal_theme":["list",["object",{"id":"string","name":"string","theme_data":"string"}]],"portal_tweak_settings":["list",["object",{"banner_color":"string","banner_text_color":"string","page_background_color":"string","page_label_and_text_color":"string"}]]}]],"description":"string","id":"string","link":["list",["object",{"href":"string","rel":"string","type":"string"}]],"name":"string","portal_test_url":"string","portal_type":"string","settings":["list",["object",{"aup_settings":["list",["object",{"display_frequency":"string","display_frequency_interval_days":"number","include_aup":"string","require_scrolling":"string"}]],"employee_change_password_settings":["list",["object",{"allow_employee_to_change_pwd":"string"}]],"login_page_settings":["list",["object",{"aup_display":"string","include_aup":"string","max_failed_attempts_before_rate_limit":"number","require_aup_acceptance":"string","require_scrolling":"string","social_configs":["list","string"],"time_between_logins_during_rate_limit":"number"}]],"portal_settings":["list",["object",{"allowed_interfaces":["list","string"],"always_used_language":"string","certificate_group_tag":"string","display_lang":"string","endpoint_identity_group":"string","fallback_language":"string","https_port":"number"}]],"post_access_banner_settings":["list",["object",{"include_post_access_banner":"string"}]],"post_login_banner_settings":["list",["object",{"include_post_access_banner":"string"}]],"support_info_settings":["list",["object",{"default_empty_field_value":"string","empty_field_display":"string","include_browser_user_agent":"string","include_failure_code":"string","include_ip_address":"string","include_mac_addr":"string","include_policy_server":"string","include_support_info_page":"string"}]]}]]}]],"description_kind":"plain","computed":true},"items":{"type":["list",["object",{"description":"string","id":"string","link":["list",["object",{"href":"string","rel":"string","type":"string"}]],"name":"string"}]],"description_kind":"plain","computed":true},"page":{"type":"number","description":"page query parameter. Page number","description_kind":"markdown","optional":true},"size":{"type":"number","description":"size query parameter. Number of objects returned per page","description_kind":"markdown","optional":true},"sortasc":{"type":"string","description":"sortasc query parameter. sort asc","description_kind":"markdown","optional":true},"sortdsc":{"type":"string","description":"sortdsc query parameter. sort desc","description_kind":"markdown","optional":true}},"description":"It performs read operation on MyDevicePortal.\n\n- This data source allows the client to get a my device portal by ID.\n\n- This data source allows the client to get all the my device portals.\n\nFilter:\n\n[name, description]\n\nSorting:\n\n[name, description]\n","description_kind":"markdown"}},"ciscoise_native_supplicant_profile":{"version":0,"block":{"attributes":{"id":{"type":"string","description":"id path parameter.","description_kind":"markdown","optional":true},"item":{"type":["list",["object",{"description":"string","id":"string","link":["list",["object",{"href":"string","rel":"string","type":"string"}]],"name":"string","wireless_profiles":["list",["object",{"action_type":"string","allowed_protocol":"string","certificate_template_id":"string","previous_ssid":"string","ssid":"string"}]]}]],"description_kind":"plain","computed":true},"items":{"type":["list",["object",{"description":"string","id":"string","link":["list",["object",{"href":"string","rel":"string","type":"string"}]],"name":"string"}]],"description_kind":"plain","computed":true},"page":{"type":"number","description":"page query parameter. Page number","description_kind":"markdown","optional":true},"size":{"type":"number","description":"size query parameter. Number of objects returned per page","description_kind":"markdown","optional":true}},"description":"It performs read operation on NativeSupplicantProfile.\n\n- This data source allows the client to get a native supplicant profile by ID.\n\n- This data source allows the client to get all the native supplicant profiles.\n","description_kind":"markdown"}},"ciscoise_network_access_authentication_rules":{"version":0,"block":{"attributes":{"id":{"type":"string","description":"id path parameter. Rule id","description_kind":"markdown","optional":true},"item":{"type":["list",["object",{"identity_source_id":"string","identity_source_name":"string","if_auth_fail":"string","if_process_fail":"string","if_user_not_found":"string","link":["list",["object",{"href":"string","rel":"string","type":"string"}]],"rule":["list",["object",{"condition":["list",["object",{"attribute_id":"string","attribute_name":"string","attribute_value":"string","children":["list",["object",{"condition_type":"string","is_negate":"string","link":["list",["object",{"href":"string","rel":"string","type":"string"}]]}]],"condition_type":"string","dates_range":["list",["object",{"end_date":"string","start_date":"string"}]],"dates_range_exception":["list",["object",{"end_date":"string","start_date":"string"}]],"description":"string","dictionary_name":"string","dictionary_value":"string","hours_range":["list",["object",{"end_time":"string","start_time":"string"}]],"hours_range_exception":["list",["object",{"end_time":"string","start_time":"string"}]],"id":"string","is_negate":"string","link":["list",["object",{"href":"string","rel":"string","type":"string"}]],"name":"string","operator":"string","week_days":["list","string"],"week_days_exception":["list","string"]}]],"default":"string","hit_counts":"number","id":"string","name":"string","rank":"number","state":"string"}]]}]],"description_kind":"plain","computed":true},"items":{"type":["list",["object",{"identity_source_id":"string","identity_source_name":"string","if_auth_fail":"string","if_process_fail":"string","if_user_not_found":"string","link":["list",["object",{"href":"string","rel":"string","type":"string"}]],"rule":["list",["object",{"condition":["list",["object",{"attribute_id":"string","attribute_name":"string","attribute_value":"string","children":["list",["object",{"condition_type":"string","is_negate":"string","link":["list",["object",{"href":"string","rel":"string","type":"string"}]]}]],"condition_type":"string","dates_range":["list",["object",{"end_date":"string","start_date":"string"}]],"dates_range_exception":["list",["object",{"end_date":"string","start_date":"string"}]],"description":"string","dictionary_name":"string","dictionary_value":"string","hours_range":["list",["object",{"end_time":"string","start_time":"string"}]],"hours_range_exception":["list",["object",{"end_time":"string","start_time":"string"}]],"id":"string","is_negate":"string","link":["list",["object",{"href":"string","rel":"string","type":"string"}]],"name":"string","operator":"string","week_days":["list","string"],"week_days_exception":["list","string"]}]],"default":"string","hit_counts":"number","id":"string","name":"string","rank":"number","state":"string"}]]}]],"description_kind":"plain","computed":true},"policy_id":{"type":"string","description":"policyId path parameter. Policy id","description_kind":"markdown","optional":true}},"description":"It performs read operation on Network Access - Authentication Rules.\n\n- Network Access Get authentication rules.\n\n- Network Access Get rule attributes.\n","description_kind":"markdown"}},"ciscoise_network_access_authentication_rules_reset_hitcount":{"version":0,"block":{"attributes":{"id":{"type":"string","description_kind":"plain","optional":true,"computed":true},"item":{"type":["list",["object",{"message":"string"}]],"description_kind":"plain","computed":true},"policy_id":{"type":"string","description":"policyId path parameter. Policy id","description_kind":"markdown","required":true}},"description":"It performs create operation on Network Access - Authentication Rules.\n\n- Network Access Reset HitCount for Authentication Rules\n","description_kind":"markdown"}},"ciscoise_network_access_authorization_rules":{"version":0,"block":{"attributes":{"id":{"type":"string","description":"id path parameter. Rule id","description_kind":"markdown","optional":true},"item":{"type":["list",["object",{"link":["list",["object",{"href":"string","rel":"string","type":"string"}]],"profile":["list","string"],"rule":["list",["object",{"condition":["list",["object",{"attribute_id":"string","attribute_name":"string","attribute_value":"string","children":["list",["object",{"condition_type":"string","is_negate":"string","link":["list",["object",{"href":"string","rel":"string","type":"string"}]]}]],"condition_type":"string","dates_range":["list",["object",{"end_date":"string","start_date":"string"}]],"dates_range_exception":["list",["object",{"end_date":"string","start_date":"string"}]],"description":"string","dictionary_name":"string","dictionary_value":"string","hours_range":["list",["object",{"end_time":"string","start_time":"string"}]],"hours_range_exception":["list",["object",{"end_time":"string","start_time":"string"}]],"id":"string","is_negate":"string","link":["list",["object",{"href":"string","rel":"string","type":"string"}]],"name":"string","operator":"string","week_days":["list","string"],"week_days_exception":["list","string"]}]],"default":"string","hit_counts":"number","id":"string","name":"string","rank":"number","state":"string"}]],"security_group":"string"}]],"description_kind":"plain","computed":true},"items":{"type":["list",["object",{"link":["list",["object",{"href":"string","rel":"string","type":"string"}]],"profile":["list","string"],"rule":["list",["object",{"condition":["list",["object",{"attribute_id":"string","attribute_name":"string","attribute_value":"string","children":["list",["object",{"condition_type":"string","is_negate":"string","link":["list",["object",{"href":"string","rel":"string","type":"string"}]]}]],"condition_type":"string","dates_range":["list",["object",{"end_date":"string","start_date":"string"}]],"dates_range_exception":["list",["object",{"end_date":"string","start_date":"string"}]],"description":"string","dictionary_name":"string","dictionary_value":"string","hours_range":["list",["object",{"end_time":"string","start_time":"string"}]],"hours_range_exception":["list",["object",{"end_time":"string","start_time":"string"}]],"id":"string","is_negate":"string","link":["list",["object",{"href":"string","rel":"string","type":"string"}]],"name":"string","operator":"string","week_days":["list","string"],"week_days_exception":["list","string"]}]],"default":"string","hit_counts":"number","id":"string","name":"string","rank":"number","state":"string"}]],"security_group":"string"}]],"description_kind":"plain","computed":true},"policy_id":{"type":"string","description":"policyId path parameter. Policy id","description_kind":"markdown","optional":true}},"description":"It performs read operation on Network Access - Authorization Rules.\n\n- Network Access Get authorization rules.\n\n- Network Access Get authorization rule attributes.\n","description_kind":"markdown"}},"ciscoise_network_access_authorization_rules_reset_hitcount":{"version":0,"block":{"attributes":{"id":{"type":"string","description_kind":"plain","optional":true,"computed":true},"item":{"type":["list",["object",{"message":"string"}]],"description_kind":"plain","computed":true},"policy_id":{"type":"string","description":"policyId path parameter. Policy id","description_kind":"markdown","required":true}},"description":"It performs create operation on Network Access - Authorization Rules.\n\n- Network Access Reset HitCount for Authorization Rules\n","description_kind":"markdown"}},"ciscoise_network_access_conditions":{"version":0,"block":{"attributes":{"id":{"type":"string","description":"id path parameter. Condition id","description_kind":"markdown","optional":true},"item_id":{"type":["list",["object",{"attribute_id":"string","attribute_name":"string","attribute_value":"string","children":["list",["object",{"condition_type":"string","is_negate":"string","link":["list",["object",{"href":"string","rel":"string","type":"string"}]]}]],"condition_type":"string","dates_range":["list",["object",{"end_date":"string","start_date":"string"}]],"dates_range_exception":["list",["object",{"end_date":"string","start_date":"string"}]],"description":"string","dictionary_name":"string","dictionary_value":"string","hours_range":["list",["object",{"end_time":"string","start_time":"string"}]],"hours_range_exception":["list",["object",{"end_time":"string","start_time":"string"}]],"id":"string","is_negate":"string","link":["list",["object",{"href":"string","rel":"string","type":"string"}]],"name":"string","operator":"string","week_days":["list","string"],"week_days_exception":["list","string"]}]],"description_kind":"plain","computed":true},"item_name":{"type":["list",["object",{"attribute_id":"string","attribute_name":"string","attribute_value":"string","children":["list",["object",{"condition_type":"string","is_negate":"string","link":["list",["object",{"href":"string","rel":"string","type":"string"}]]}]],"condition_type":"string","dates_range":["list",["object",{"end_date":"string","start_date":"string"}]],"dates_range_exception":["list",["object",{"end_date":"string","start_date":"string"}]],"description":"string","dictionary_name":"string","dictionary_value":"string","hours_range":["list",["object",{"end_time":"string","start_time":"string"}]],"hours_range_exception":["list",["object",{"end_time":"string","start_time":"string"}]],"id":"string","is_negate":"string","link":["list",["object",{"href":"string","rel":"string","type":"string"}]],"name":"string","operator":"string","week_days":["list","string"],"week_days_exception":["list","string"]}]],"description_kind":"plain","computed":true},"items":{"type":["list",["object",{"attribute_id":"string","attribute_name":"string","attribute_value":"string","children":["list",["object",{"condition_type":"string","is_negate":"string","link":["list",["object",{"href":"string","rel":"string","type":"string"}]]}]],"condition_type":"string","dates_range":["list",["object",{"end_date":"string","start_date":"string"}]],"dates_range_exception":["list",["object",{"end_date":"string","start_date":"string"}]],"description":"string","dictionary_name":"string","dictionary_value":"string","hours_range":["list",["object",{"end_time":"string","start_time":"string"}]],"hours_range_exception":["list",["object",{"end_time":"string","start_time":"string"}]],"id":"string","is_negate":"string","link":["list",["object",{"href":"string","rel":"string","type":"string"}]],"name":"string","operator":"string","week_days":["list","string"],"week_days_exception":["list","string"]}]],"description_kind":"plain","computed":true},"name":{"type":"string","description":"name path parameter. Condition name","description_kind":"markdown","optional":true}},"description":"It performs read operation on Network Access - Conditions.\n\n- Network Access Returns all library conditions\n\n- Network Access Returns a library condition.\n\n- Network Access Returns a library condition.\n","description_kind":"markdown"}},"ciscoise_network_access_conditions_for_authentication_rule":{"version":0,"block":{"attributes":{"id":{"type":"string","description_kind":"plain","optional":true,"computed":true},"items":{"type":["list",["object",{"attribute_id":"string","attribute_name":"string","attribute_value":"string","children":["list",["object",{"condition_type":"string","is_negate":"string","link":["list",["object",{"href":"string","rel":"string","type":"string"}]]}]],"condition_type":"string","dates_range":["list",["object",{"end_date":"string","start_date":"string"}]],"dates_range_exception":["list",["object",{"end_date":"string","start_date":"string"}]],"description":"string","dictionary_name":"string","dictionary_value":"string","hours_range":["list",["object",{"end_time":"string","start_time":"string"}]],"hours_range_exception":["list",["object",{"end_time":"string","start_time":"string"}]],"id":"string","is_negate":"string","link":["list",["object",{"href":"string","rel":"string","type":"string"}]],"name":"string","operator":"string","week_days":["list","string"],"week_days_exception":["list","string"]}]],"description_kind":"plain","computed":true}},"description":"It performs read operation on Network Access - Conditions.\n\n- Network Access Returns list of library conditions for Authentication rules scope.\n","description_kind":"markdown"}},"ciscoise_network_access_conditions_for_authorization_rule":{"version":0,"block":{"attributes":{"id":{"type":"string","description_kind":"plain","optional":true,"computed":true},"items":{"type":["list",["object",{"attribute_id":"string","attribute_name":"string","attribute_value":"string","children":["list",["object",{"condition_type":"string","is_negate":"string","link":["list",["object",{"href":"string","rel":"string","type":"string"}]]}]],"condition_type":"string","dates_range":["list",["object",{"end_date":"string","start_date":"string"}]],"dates_range_exception":["list",["object",{"end_date":"string","start_date":"string"}]],"description":"string","dictionary_name":"string","dictionary_value":"string","hours_range":["list",["object",{"end_time":"string","start_time":"string"}]],"hours_range_exception":["list",["object",{"end_time":"string","start_time":"string"}]],"id":"string","is_negate":"string","link":["list",["object",{"href":"string","rel":"string","type":"string"}]],"name":"string","operator":"string","week_days":["list","string"],"week_days_exception":["list","string"]}]],"description_kind":"plain","computed":true}},"description":"It performs read operation on Network Access - Conditions.\n\n- Network Access Returns list of library conditions for Authorization rules scope.\n","description_kind":"markdown"}},"ciscoise_network_access_conditions_for_policy_set":{"version":0,"block":{"attributes":{"id":{"type":"string","description_kind":"plain","optional":true,"computed":true},"items":{"type":["list",["object",{"attribute_id":"string","attribute_name":"string","attribute_value":"string","children":["list",["object",{"condition_type":"string","is_negate":"string","link":["list",["object",{"href":"string","rel":"string","type":"string"}]]}]],"condition_type":"string","dates_range":["list",["object",{"end_date":"string","start_date":"string"}]],"dates_range_exception":["list",["object",{"end_date":"string","start_date":"string"}]],"description":"string","dictionary_name":"string","dictionary_value":"string","hours_range":["list",["object",{"end_time":"string","start_time":"string"}]],"hours_range_exception":["list",["object",{"end_time":"string","start_time":"string"}]],"id":"string","is_negate":"string","link":["list",["object",{"href":"string","rel":"string","type":"string"}]],"name":"string","operator":"string","week_days":["list","string"],"week_days_exception":["list","string"]}]],"description_kind":"plain","computed":true}},"description":"It performs read operation on Network Access - Conditions.\n\n- Network Access Returns list of library conditions for PolicySet scope.\n","description_kind":"markdown"}},"ciscoise_network_access_dictionary":{"version":0,"block":{"attributes":{"id":{"type":"string","description_kind":"plain","optional":true,"computed":true},"item":{"type":["list",["object",{"description":"string","dictionary_attr_type":"string","id":"string","link":["list",["object",{"href":"string","rel":"string","type":"string"}]],"name":"string","version":"string"}]],"description_kind":"plain","computed":true},"items":{"type":["list",["object",{"description":"string","dictionary_attr_type":"string","id":"string","link":["list",["object",{"href":"string","rel":"string","type":"string"}]],"name":"string","version":"string"}]],"description_kind":"plain","computed":true},"name":{"type":"string","description":"name path parameter. the dictionary name","description_kind":"markdown","optional":true}},"description":"It performs read operation on Network Access - Dictionary.\n\n- Get all Dictionaries.\n\n- GET a dictionary by name\n","description_kind":"markdown"}},"ciscoise_network_access_dictionary_attribute":{"version":0,"block":{"attributes":{"dictionary_name":{"type":"string","description":"dictionaryName path parameter. the name of the dictionary the dictionary attribute belongs to","description_kind":"markdown","optional":true},"id":{"type":"string","description_kind":"plain","optional":true,"computed":true},"item":{"type":["list",["object",{"allowed_values":["list",["object",{"is_default":"string","key":"string","value":"string"}]],"data_type":"string","description":"string","dictionary_name":"string","direction_type":"string","id":"string","internal_name":"string","name":"string"}]],"description_kind":"plain","computed":true},"items":{"type":["list",["object",{"allowed_values":["list",["object",{"is_default":"string","key":"string","value":"string"}]],"data_type":"string","description":"string","dictionary_name":"string","direction_type":"string","id":"string","internal_name":"string","name":"string"}]],"description_kind":"plain","computed":true},"name":{"type":"string","description":"name path parameter. the dictionary attribute name","description_kind":"markdown","optional":true}},"description":"It performs read operation on Network Access - Dictionary Attribute.\n\n- Returns a list of Dictionary Attributes for an existing Dictionary.\n\n- Get a Dictionary Attribute.\n","description_kind":"markdown"}},"ciscoise_network_access_dictionary_attributes_authentication":{"version":0,"block":{"attributes":{"id":{"type":"string","description_kind":"plain","optional":true,"computed":true},"items":{"type":["list",["object",{"allowed_values":["list",["object",{"is_default":"string","key":"string","value":"string"}]],"data_type":"string","description":"string","dictionary_name":"string","direction_type":"string","id":"string","internal_name":"string","name":"string"}]],"description_kind":"plain","computed":true}},"description":"It performs read operation on Network Access - Dictionary Attributes List.\n\n- Network Access Returns list of dictionary attributes for authentication.\n","description_kind":"markdown"}},"ciscoise_network_access_dictionary_attributes_authorization":{"version":0,"block":{"attributes":{"id":{"type":"string","description_kind":"plain","optional":true,"computed":true},"items":{"type":["list",["object",{"allowed_values":["list",["object",{"is_default":"string","key":"string","value":"string"}]],"data_type":"string","description":"string","dictionary_name":"string","direction_type":"string","id":"string","internal_name":"string","name":"string"}]],"description_kind":"plain","computed":true}},"description":"It performs read operation on Network Access - Dictionary Attributes List.\n\n- Network Access Returns list of dictionary attributes for authorization.\n","description_kind":"markdown"}},"ciscoise_network_access_dictionary_attributes_policy_set":{"version":0,"block":{"attributes":{"id":{"type":"string","description_kind":"plain","optional":true,"computed":true},"items":{"type":["list",["object",{"allowed_values":["list",["object",{"is_default":"string","key":"string","value":"string"}]],"data_type":"string","description":"string","dictionary_name":"string","direction_type":"string","id":"string","internal_name":"string","name":"string"}]],"description_kind":"plain","computed":true}},"description":"It performs read operation on Network Access - Dictionary Attributes List.\n\n- Network Access Returns list of dictionary attributes for policyset.\n","description_kind":"markdown"}},"ciscoise_network_access_global_exception_rules":{"version":0,"block":{"attributes":{"id":{"type":"string","description":"id path parameter. Rule id","description_kind":"markdown","optional":true},"item":{"type":["list",["object",{"link":["list",["object",{"href":"string","rel":"string","type":"string"}]],"profile":["list","string"],"rule":["list",["object",{"condition":["list",["object",{"attribute_id":"string","attribute_name":"string","attribute_value":"string","children":["list",["object",{"condition_type":"string","is_negate":"string","link":["list",["object",{"href":"string","rel":"string","type":"string"}]]}]],"condition_type":"string","dates_range":["list",["object",{"end_date":"string","start_date":"string"}]],"dates_range_exception":["list",["object",{"end_date":"string","start_date":"string"}]],"description":"string","dictionary_name":"string","dictionary_value":"string","hours_range":["list",["object",{"end_time":"string","start_time":"string"}]],"hours_range_exception":["list",["object",{"end_time":"string","start_time":"string"}]],"id":"string","is_negate":"string","link":["list",["object",{"href":"string","rel":"string","type":"string"}]],"name":"string","operator":"string","week_days":["list","string"],"week_days_exception":["list","string"]}]],"default":"string","hit_counts":"number","id":"string","name":"string","rank":"number","state":"string"}]],"security_group":"string"}]],"description_kind":"plain","computed":true},"items":{"type":["list",["object",{"link":["list",["object",{"href":"string","rel":"string","type":"string"}]],"profile":["list","string"],"rule":["list",["object",{"condition":["list",["object",{"attribute_id":"string","attribute_name":"string","attribute_value":"string","children":["list",["object",{"condition_type":"string","is_negate":"string","link":["list",["object",{"href":"string","rel":"string","type":"string"}]]}]],"condition_type":"string","dates_range":["list",["object",{"end_date":"string","start_date":"string"}]],"dates_range_exception":["list",["object",{"end_date":"string","start_date":"string"}]],"description":"string","dictionary_name":"string","dictionary_value":"string","hours_range":["list",["object",{"end_time":"string","start_time":"string"}]],"hours_range_exception":["list",["object",{"end_time":"string","start_time":"string"}]],"id":"string","is_negate":"string","link":["list",["object",{"href":"string","rel":"string","type":"string"}]],"name":"string","operator":"string","week_days":["list","string"],"week_days_exception":["list","string"]}]],"default":"string","hit_counts":"number","id":"string","name":"string","rank":"number","state":"string"}]],"security_group":"string"}]],"description_kind":"plain","computed":true}},"description":"It performs read operation on Network Access - Authorization Global Exception Rules.\n\n- Network Access Get global execption rules.\n\n- Network Access Get global exception rule attributes.\n","description_kind":"markdown"}},"ciscoise_network_access_global_exception_rules_reset_hitcount":{"version":0,"block":{"attributes":{"id":{"type":"string","description_kind":"plain","optional":true,"computed":true},"item":{"type":["list",["object",{"message":"string"}]],"description_kind":"plain","computed":true}},"description":"It performs create operation on Network Access - Authorization Global Exception Rules.\n\n- Network Access Reset HitCount for Global Exceptions\n","description_kind":"markdown"}},"ciscoise_network_access_identity_stores":{"version":0,"block":{"attributes":{"id":{"type":"string","description_kind":"plain","optional":true,"computed":true},"items":{"type":["list",["object",{"id":"string","name":"string"}]],"description_kind":"plain","computed":true}},"description":"It performs read operation on Network Access - Identity Stores.\n\n- Network Access Return list of identity stores for authentication policy definition.\n (Other CRUD APIs available throught ERS)\n","description_kind":"markdown"}},"ciscoise_network_access_local_exception_rules":{"version":0,"block":{"attributes":{"id":{"type":"string","description":"id path parameter. Rule id","description_kind":"markdown","optional":true},"item":{"type":["list",["object",{"link":["list",["object",{"href":"string","rel":"string","type":"string"}]],"profile":["list","string"],"rule":["list",["object",{"condition":["list",["object",{"attribute_id":"string","attribute_name":"string","attribute_value":"string","children":["list",["object",{"condition_type":"string","is_negate":"string","link":["list",["object",{"href":"string","rel":"string","type":"string"}]]}]],"condition_type":"string","dates_range":["list",["object",{"end_date":"string","start_date":"string"}]],"dates_range_exception":["list",["object",{"end_date":"string","start_date":"string"}]],"description":"string","dictionary_name":"string","dictionary_value":"string","hours_range":["list",["object",{"end_time":"string","start_time":"string"}]],"hours_range_exception":["list",["object",{"end_time":"string","start_time":"string"}]],"id":"string","is_negate":"string","link":["list",["object",{"href":"string","rel":"string","type":"string"}]],"name":"string","operator":"string","week_days":["list","string"],"week_days_exception":["list","string"]}]],"default":"string","hit_counts":"number","id":"string","name":"string","rank":"number","state":"string"}]],"security_group":"string"}]],"description_kind":"plain","computed":true},"items":{"type":["list",["object",{"link":["list",["object",{"href":"string","rel":"string","type":"string"}]],"profile":["list","string"],"rule":["list",["object",{"condition":["list",["object",{"attribute_id":"string","attribute_name":"string","attribute_value":"string","children":["list",["object",{"condition_type":"string","is_negate":"string","link":["list",["object",{"href":"string","rel":"string","type":"string"}]]}]],"condition_type":"string","dates_range":["list",["object",{"end_date":"string","start_date":"string"}]],"dates_range_exception":["list",["object",{"end_date":"string","start_date":"string"}]],"description":"string","dictionary_name":"string","dictionary_value":"string","hours_range":["list",["object",{"end_time":"string","start_time":"string"}]],"hours_range_exception":["list",["object",{"end_time":"string","start_time":"string"}]],"id":"string","is_negate":"string","link":["list",["object",{"href":"string","rel":"string","type":"string"}]],"name":"string","operator":"string","week_days":["list","string"],"week_days_exception":["list","string"]}]],"default":"string","hit_counts":"number","id":"string","name":"string","rank":"number","state":"string"}]],"security_group":"string"}]],"description_kind":"plain","computed":true},"policy_id":{"type":"string","description":"policyId path parameter. Policy id","description_kind":"markdown","optional":true}},"description":"It performs read operation on Network Access - Authorization Exception Rules.\n\n- Network Access Get local exception rules.\n\n- Network Access Get local exception rule attributes.\n","description_kind":"markdown"}},"ciscoise_network_access_local_exception_rules_reset_hitcounts":{"version":0,"block":{"attributes":{"id":{"type":"string","description_kind":"plain","optional":true,"computed":true},"item":{"type":["list",["object",{"message":"string"}]],"description_kind":"plain","computed":true},"policy_id":{"type":"string","description":"policyId path parameter. Policy id","description_kind":"markdown","required":true}},"description":"It performs create operation on Network Access - Authorization Exception Rules.\n\n- Network Access Reset HitCount for local exceptions\n","description_kind":"markdown"}},"ciscoise_network_access_network_condition":{"version":0,"block":{"attributes":{"id":{"type":"string","description":"id path parameter. Condition id","description_kind":"markdown","optional":true},"item":{"type":["list",["object",{"condition_type":"string","conditions":["list",["object",{"cli_dnis_list":["list","string"],"device_group_list":["list","string"],"device_list":["list","string"],"ip_addr_list":["list","string"],"mac_addr_list":["list","string"]}]],"description":"string","id":"string","link":["list",["object",{"href":"string","rel":"string","type":"string"}]],"name":"string"}]],"description_kind":"plain","computed":true},"items":{"type":["list",["object",{"condition_type":"string","conditions":["list",["object",{"cli_dnis_list":["list","string"],"device_group_list":["list","string"],"device_list":["list","string"],"ip_addr_list":["list","string"],"mac_addr_list":["list","string"]}]],"description":"string","id":"string","link":["list",["object",{"href":"string","rel":"string","type":"string"}]],"name":"string"}]],"description_kind":"plain","computed":true}},"description":"It performs read operation on Network Access - Network Conditions.\n\n- Network Access Returns a list of network conditions.\n\n- Network Access Returns a network condition.\n","description_kind":"markdown"}},"ciscoise_network_access_policy_set":{"version":0,"block":{"attributes":{"id":{"type":"string","description":"id path parameter. Policy id","description_kind":"markdown","optional":true},"item":{"type":["list",["object",{"condition":["list",["object",{"attribute_id":"string","attribute_name":"string","attribute_value":"string","children":["list",["object",{"condition_type":"string","is_negate":"string","link":["list",["object",{"href":"string","rel":"string","type":"string"}]]}]],"condition_type":"string","dates_range":["list",["object",{"end_date":"string","start_date":"string"}]],"dates_range_exception":["list",["object",{"end_date":"string","start_date":"string"}]],"description":"string","dictionary_name":"string","dictionary_value":"string","hours_range":["list",["object",{"end_time":"string","start_time":"string"}]],"hours_range_exception":["list",["object",{"end_time":"string","start_time":"string"}]],"id":"string","is_negate":"string","link":["list",["object",{"href":"string","rel":"string","type":"string"}]],"name":"string","operator":"string","week_days":["list","string"],"week_days_exception":["list","string"]}]],"default":"string","description":"string","hit_counts":"number","id":"string","is_proxy":"string","link":["list",["object",{"href":"string","rel":"string","type":"string"}]],"name":"string","rank":"number","service_name":"string","state":"string"}]],"description_kind":"plain","computed":true},"items":{"type":["list",["object",{"condition":["list",["object",{"attribute_id":"string","attribute_name":"string","attribute_value":"string","children":["list",["object",{"condition_type":"string","is_negate":"string","link":["list",["object",{"href":"string","rel":"string","type":"string"}]]}]],"condition_type":"string","dates_range":["list",["object",{"end_date":"string","start_date":"string"}]],"dates_range_exception":["list",["object",{"end_date":"string","start_date":"string"}]],"description":"string","dictionary_name":"string","dictionary_value":"string","hours_range":["list",["object",{"end_time":"string","start_time":"string"}]],"hours_range_exception":["list",["object",{"end_time":"string","start_time":"string"}]],"id":"string","is_negate":"string","link":["list",["object",{"href":"string","rel":"string","type":"string"}]],"name":"string","operator":"string","week_days":["list","string"],"week_days_exception":["list","string"]}]],"default":"string","description":"string","hit_counts":"number","id":"string","is_proxy":"string","link":["list",["object",{"href":"string","rel":"string","type":"string"}]],"name":"string","rank":"number","service_name":"string","state":"string"}]],"description_kind":"plain","computed":true}},"description":"It performs read operation on Network Access - Policy Set.\n\n- Get all network access policy sets.\n\n- Network Access Get policy set attributes.\n","description_kind":"markdown"}},"ciscoise_network_access_policy_set_reset_hitcount":{"version":0,"block":{"attributes":{"id":{"type":"string","description_kind":"plain","optional":true,"computed":true},"item":{"type":["list",["object",{"message":"string"}]],"description_kind":"plain","computed":true}},"description":"It performs create operation on Network Access - Policy Set.\n\n- Network Access Reset HitCount for PolicySets\n","description_kind":"markdown"}},"ciscoise_network_access_profiles":{"version":0,"block":{"attributes":{"id":{"type":"string","description_kind":"plain","optional":true,"computed":true},"items":{"type":["list",["object",{"id":"string","name":"string"}]],"description_kind":"plain","computed":true}},"description":"It performs read operation on Network Access - Profiles.\n\n- Network Access Returns list of profiles.\n (Other CRUD APIs available throught ERS)\n","description_kind":"markdown"}},"ciscoise_network_access_security_groups":{"version":0,"block":{"attributes":{"id":{"type":"string","description_kind":"plain","optional":true,"computed":true},"items":{"type":["list",["object",{"id":"string","name":"string"}]],"description_kind":"plain","computed":true}},"description":"It performs read operation on Network Access - Security Groups.\n\n- Network Access Return list of available security groups for authorization policy definition.\n (Other CRUD APIs available throught ERS)\n","description_kind":"markdown"}},"ciscoise_network_access_service_name":{"version":0,"block":{"attributes":{"id":{"type":"string","description_kind":"plain","optional":true,"computed":true},"items":{"type":["list",["object",{"id":"string","is_local_authorization":"string","name":"string","service_type":"string"}]],"description_kind":"plain","computed":true}},"description":"It performs read operation on Network Access - Service Names.\n\n- Returns list of Allowed Protocols and Server Sequences for Network Access Policy Set results.\n 'isLocalAuthorization' property is available only for Network Access Policy Set results of type Server Sequence.\n (Other CRUD APIs available throught ERS)\n","description_kind":"markdown"}},"ciscoise_network_access_time_date_conditions":{"version":0,"block":{"attributes":{"id":{"type":"string","description":"id path parameter. Condition id","description_kind":"markdown","optional":true},"item":{"type":["list",["object",{"attribute_id":"string","attribute_name":"string","attribute_value":"string","children":["list",["object",{"condition_type":"string","is_negate":"string","link":["list",["object",{"href":"string","rel":"string","type":"string"}]]}]],"condition_type":"string","dates_range":["list",["object",{"end_date":"string","start_date":"string"}]],"dates_range_exception":["list",["object",{"end_date":"string","start_date":"string"}]],"description":"string","dictionary_name":"string","dictionary_value":"string","hours_range":["list",["object",{"end_time":"string","start_time":"string"}]],"hours_range_exception":["list",["object",{"end_time":"string","start_time":"string"}]],"id":"string","is_negate":"string","link":["list",["object",{"href":"string","rel":"string","type":"string"}]],"name":"string","operator":"string","week_days":["list","string"],"week_days_exception":["list","string"]}]],"description_kind":"plain","computed":true},"items":{"type":["list",["object",{"attribute_id":"string","attribute_name":"string","attribute_value":"string","children":["list",["object",{"condition_type":"string","is_negate":"string","link":["list",["object",{"href":"string","rel":"string","type":"string"}]]}]],"condition_type":"string","dates_range":["list",["object",{"end_date":"string","start_date":"string"}]],"dates_range_exception":["list",["object",{"end_date":"string","start_date":"string"}]],"description":"string","dictionary_name":"string","dictionary_value":"string","hours_range":["list",["object",{"end_time":"string","start_time":"string"}]],"hours_range_exception":["list",["object",{"end_time":"string","start_time":"string"}]],"id":"string","is_negate":"string","link":["list",["object",{"href":"string","rel":"string","type":"string"}]],"name":"string","operator":"string","week_days":["list","string"],"week_days_exception":["list","string"]}]],"description_kind":"plain","computed":true}},"description":"It performs read operation on Network Access - Time/Date Conditions.\n\n- Network Access Returns a list of time and date conditions.\n\n- Network Access returns a network condition.\n","description_kind":"markdown"}},"ciscoise_network_device":{"version":0,"block":{"attributes":{"filter":{"type":["list","string"],"description":"filter query parameter. \n\n**Simple filtering** should be available through the filter query string parameter. The structure of a filter is\na triplet of field operator and value separated with dots. More than one filter can be sent. The logical operator\ncommon to ALL filter criteria will be by default AND, and can be changed by using the \"filterType=or\" query\nstring parameter. Each resource Data model description should specify if an attribute is a filtered field.\n\n\n\n              Operator    | Description \n\n              ------------|----------------\n\n              EQ          | Equals \n\n              NEQ         | Not Equals \n\n              GT          | Greater Than \n\n              LT          | Less Then \n\n              STARTSW     | Starts With \n\n              NSTARTSW    | Not Starts With \n\n              ENDSW       | Ends With \n\n              NENDSW      | Not Ends With \n\n              CONTAINS\t  | Contains \n\n              NCONTAINS\t  | Not Contains \n\n","description_kind":"markdown","optional":true},"filter_type":{"type":"string","description":"filterType query parameter. The logical operator common to ALL filter criteria will be by default AND, and can be changed by using the parameter","description_kind":"markdown","optional":true},"id":{"type":"string","description":"id path parameter.","description_kind":"markdown","optional":true},"item_id":{"type":["list",["object",{"authentication_settings":["list",["object",{"dtls_required":"string","enable_key_wrap":"string","enable_multi_secret":"string","enabled":"string","key_encryption_key":"string","key_input_format":"string","message_authenticator_code_key":"string","network_protocol":"string","radius_shared_secret":"string","second_radius_shared_secret":"string"}]],"coa_port":"number","description":"string","dtls_dns_name":"string","id":"string","link":["list",["object",{"href":"string","rel":"string","type":"string"}]],"model_name":"string","name":"string","network_device_group_list":["list","string"],"network_device_iplist":["list",["object",{"get_ipaddress_exclude":"string","ipaddress":"string","mask":"number"}]],"profile_name":"string","snmpsettings":["list",["object",{"link_trap_query":"string","mac_trap_query":"string","originating_policy_services_node":"string","polling_interval":"number","ro_community":"string","version":"string"}]],"software_version":"string","tacacs_settings":["list",["object",{"connect_mode_options":"string","shared_secret":"string"}]],"trustsecsettings":["list",["object",{"device_authentication_settings":["list",["object",{"sga_device_id":"string","sga_device_password":"string"}]],"device_configuration_deployment":["list",["object",{"enable_mode_password":"string","exec_mode_password":"string","exec_mode_username":"string","include_when_deploying_sgt_updates":"string"}]],"push_id_support":"string","sga_notification_and_updates":["list",["object",{"coa_source_host":"string","downlaod_environment_data_every_x_seconds":"number","downlaod_peer_authorization_policy_every_x_seconds":"number","download_sga_cllists_every_x_seconds":"number","other_sga_devices_to_trust_this_device":"string","re_authentication_every_x_seconds":"number","send_configuration_to_device":"string","send_configuration_to_device_using":"string"}]]}]]}]],"description_kind":"plain","computed":true},"item_name":{"type":["list",["object",{"authentication_settings":["list",["object",{"dtls_required":"string","enable_key_wrap":"string","enable_multi_secret":"string","enabled":"string","key_encryption_key":"string","key_input_format":"string","message_authenticator_code_key":"string","network_protocol":"string","radius_shared_secret":"string","second_radius_shared_secret":"string"}]],"coa_port":"number","description":"string","dtls_dns_name":"string","id":"string","link":["list",["object",{"href":"string","rel":"string","type":"string"}]],"model_name":"string","name":"string","network_device_group_list":["list","string"],"network_device_iplist":["list",["object",{"get_ipaddress_exclude":"string","ipaddress":"string","mask":"number"}]],"profile_name":"string","snmpsettings":["list",["object",{"link_trap_query":"string","mac_trap_query":"string","originating_policy_services_node":"string","polling_interval":"number","ro_community":"string","version":"string"}]],"software_version":"string","tacacs_settings":["list",["object",{"connect_mode_options":"string","shared_secret":"string"}]],"trustsecsettings":["list",["object",{"device_authentication_settings":["list",["object",{"sga_device_id":"string","sga_device_password":"string"}]],"device_configuration_deployment":["list",["object",{"enable_mode_password":"string","exec_mode_password":"string","exec_mode_username":"string","include_when_deploying_sgt_updates":"string"}]],"push_id_support":"string","sga_notification_and_updates":["list",["object",{"coa_source_host":"string","downlaod_environment_data_every_x_seconds":"number","downlaod_peer_authorization_policy_every_x_seconds":"number","download_sga_cllists_every_x_seconds":"number","other_sga_devices_to_trust_this_device":"string","re_authentication_every_x_seconds":"number","send_configuration_to_device":"string","send_configuration_to_device_using":"string"}]]}]]}]],"description_kind":"plain","computed":true},"items":{"type":["list",["object",{"description":"string","id":"string","link":["list",["object",{"href":"string","rel":"string","type":"string"}]],"name":"string"}]],"description_kind":"plain","computed":true},"name":{"type":"string","description":"name path parameter.","description_kind":"markdown","optional":true},"page":{"type":"number","description":"page query parameter. Page number","description_kind":"markdown","optional":true},"size":{"type":"number","description":"size query parameter. Number of objects returned per page","description_kind":"markdown","optional":true},"sortasc":{"type":"string","description":"sortasc query parameter. sort asc","description_kind":"markdown","optional":true},"sortdsc":{"type":"string","description":"sortdsc query parameter. sort desc","description_kind":"markdown","optional":true}},"description":"It performs read operation on NetworkDevice.\n\n- This data source allows the client to get a network device by name.\n\n- This data source allows the client to get a network device by ID.\n\n- This data source allows the client to get all the network devices.\n\nFilter:\n\n[ipaddress, name, description, location, type]\n\nSorting:\n\n[name, description]\n","description_kind":"markdown"}},"ciscoise_network_device_bulk_monitor_status":{"version":0,"block":{"attributes":{"bulkid":{"type":"string","description":"bulkid path parameter.","description_kind":"markdown","required":true},"id":{"type":"string","description_kind":"plain","optional":true,"computed":true},"item":{"type":["list",["object",{"bulk_id":"string","execution_status":"string","fail_count":"number","media_type":"string","operation_type":"string","resources_count":"number","resources_status":["list",["object",{"description":"string","id":"string","name":"string","resource_execution_status":"string","status":"string"}]],"start_time":"string","success_count":"number"}]],"description_kind":"plain","computed":true}},"description":"It performs read operation on NetworkDevice.\n\n- This data source allows the client to monitor the bulk request.\n","description_kind":"markdown"}},"ciscoise_network_device_bulk_request":{"version":0,"block":{"attributes":{"id":{"type":"string","description_kind":"plain","optional":true,"computed":true},"item":{"type":"string","description_kind":"plain","computed":true},"operation_type":{"type":"string","description_kind":"plain","optional":true},"resource_media_type":{"type":"string","description_kind":"plain","optional":true}},"description":"It performs update operation on NetworkDevice.\n\n- This data source action allows the client to submit the bulk request.\n","description_kind":"markdown"}},"ciscoise_network_device_group":{"version":0,"block":{"attributes":{"filter":{"type":["list","string"],"description":"filter query parameter. \n\n**Simple filtering** should be available through the filter query string parameter. The structure of a filter is\na triplet of field operator and value separated with dots. More than one filter can be sent. The logical operator\ncommon to ALL filter criteria will be by default AND, and can be changed by using the \"filterType=or\" query\nstring parameter. Each resource Data model description should specify if an attribute is a filtered field.\n\n\n\n              Operator    | Description \n\n              ------------|----------------\n\n              EQ          | Equals \n\n              NEQ         | Not Equals \n\n              GT          | Greater Than \n\n              LT          | Less Then \n\n              STARTSW     | Starts With \n\n              NSTARTSW    | Not Starts With \n\n              ENDSW       | Ends With \n\n              NENDSW      | Not Ends With \n\n              CONTAINS\t  | Contains \n\n              NCONTAINS\t  | Not Contains \n\n","description_kind":"markdown","optional":true},"filter_type":{"type":"string","description":"filterType query parameter. The logical operator common to ALL filter criteria will be by default AND, and can be changed by using the parameter","description_kind":"markdown","optional":true},"id":{"type":"string","description":"id path parameter.","description_kind":"markdown","optional":true},"item_id":{"type":["list",["object",{"description":"string","id":"string","link":["list",["object",{"href":"string","rel":"string","type":"string"}]],"name":"string","othername":"string"}]],"description_kind":"plain","computed":true},"item_name":{"type":["list",["object",{"description":"string","id":"string","link":["list",["object",{"href":"string","rel":"string","type":"string"}]],"name":"string","othername":"string"}]],"description_kind":"plain","computed":true},"items":{"type":["list",["object",{"description":"string","id":"string","link":["list",["object",{"href":"string","rel":"string","type":"string"}]],"name":"string"}]],"description_kind":"plain","computed":true},"name":{"type":"string","description":"name path parameter. colon is used as a separator instead of (#) in the NDG name.\nFor example, if the name is a#b#c it should appear in the request URL as a:b:c","description_kind":"markdown","optional":true},"page":{"type":"number","description":"page query parameter. Page number","description_kind":"markdown","optional":true},"size":{"type":"number","description":"size query parameter. Number of objects returned per page","description_kind":"markdown","optional":true},"sortasc":{"type":"string","description":"sortasc query parameter. sort asc","description_kind":"markdown","optional":true},"sortdsc":{"type":"string","description":"sortdsc query parameter. sort desc","description_kind":"markdown","optional":true}},"description":"It performs read operation on NetworkDeviceGroup.\n\n- This data source allows the client to get a network device group by name.\n\n- This data source allows the client to get a network device group by ID.\n\n- This data source allows the client to get all the network device groups.\n\nFilter:\n\n[name, description, type]\n\nSorting:\n\n[name, description]\n","description_kind":"markdown"}},"ciscoise_node":{"version":0,"block":{"attributes":{"filter":{"type":["list","string"],"description":"filter query parameter. \n\n**Simple filtering** should be available through the filter query string parameter. The structure of a filter is\na triplet of field operator and value separated with dots. More than one filter can be sent. The logical operator\ncommon to ALL filter criteria will be by default AND, and can be changed by using the \"filterType=or\" query\nstring parameter. Each resource Data model description should specify if an attribute is a filtered field.\n\n\n\n              Operator    | Description \n\n              ------------|----------------\n\n              EQ          | Equals \n\n              NEQ         | Not Equals \n\n              GT          | Greater Than \n\n              LT          | Less Then \n\n              STARTSW     | Starts With \n\n              NSTARTSW    | Not Starts With \n\n              ENDSW       | Ends With \n\n              NENDSW      | Not Ends With \n\n              CONTAINS\t  | Contains \n\n              NCONTAINS\t  | Not Contains \n\n","description_kind":"markdown","optional":true},"filter_type":{"type":"string","description":"filterType query parameter. The logical operator common to ALL filter criteria will be by default AND, and can be changed by using the parameter","description_kind":"markdown","optional":true},"id":{"type":"string","description":"id path parameter.","description_kind":"markdown","optional":true},"item_id":{"type":["list",["object",{"display_name":"string","fqdn":"string","gate_way":"string","id":"string","in_deployment":"string","ip_address":"string","ip_addresses":["list","string"],"link":["list",["object",{"href":"string","rel":"string","type":"string"}]],"name":"string","node_service_types":"string","other_pap_fqdn":"string","pap_node":"string","pass_word":"string","primary_pap_node":"string","px_grid_node":"string","sxp_ip_address":"string","user_name":"string"}]],"description_kind":"plain","computed":true},"item_name":{"type":["list",["object",{"display_name":"string","fqdn":"string","gate_way":"string","id":"string","in_deployment":"string","ip_address":"string","ip_addresses":["list","string"],"link":["list",["object",{"href":"string","rel":"string","type":"string"}]],"name":"string","node_service_types":"string","other_pap_fqdn":"string","pap_node":"string","pass_word":"string","primary_pap_node":"string","px_grid_node":"string","sxp_ip_address":"string","user_name":"string"}]],"description_kind":"plain","computed":true},"items":{"type":["list",["object",{"description":"string","id":"string","link":["list",["object",{"href":"string","rel":"string","type":"string"}]],"name":"string"}]],"description_kind":"plain","computed":true},"name":{"type":"string","description":"name path parameter.","description_kind":"markdown","optional":true},"page":{"type":"number","description":"page query parameter. Page number","description_kind":"markdown","optional":true},"size":{"type":"number","description":"size query parameter. Number of objects returned per page","description_kind":"markdown","optional":true}},"description":"It performs read operation on NodeDetails.\n\n- This data source allows the client to get node details by name.\n\n- This data source allows the client to get node details by ID.\n\n- This data source allows the client to get all the node details.\n\nFilter:\n\n[nodeservicetypes]\n\n","description_kind":"markdown"}},"ciscoise_node_deployment":{"version":0,"block":{"attributes":{"hostname":{"type":"string","description":"hostname path parameter. ID of the existing deployed node.","description_kind":"markdown","optional":true},"id":{"type":"string","description_kind":"plain","optional":true,"computed":true},"item":{"type":["list",["object",{"administration":["list",["object",{"is_enabled":"string","role":"string"}]],"fqdn":"string","general_settings":["list",["object",{"monitoring":["list",["object",{"enable_pxgrid":"string","is_enabled":"string","is_mnt_dedicated":"string","other_monitoring_node":"string","policyservice":["list",["object",{"enable_device_admin_service":"string","enable_nac_service":"string","enable_passive_identity_service":"string","enable_profiling_service":"string","enabled":"string","session_service":["list",["object",{"is_enabled":"string","nodegroup":"string"}]],"sxpservice":["list",["object",{"is_enabled":"string","user_interface":"string"}]]}]],"role":"string"}]]}]],"hostname":"string","ip_address":"string","node_type":"string","profiling_configuration":["list",["object",{"active_directory":["list",["object",{"days_before_rescan":"number","description":"string","enabled":"string"}]],"dhcp":["list",["object",{"description":"string","enabled":"string","interface":"string","port":"number"}]],"dhcp_span":["list",["object",{"description":"string","enabled":"string","interface":"string"}]],"dns":["list",["object",{"description":"string","enabled":"string"}]],"http":["list",["object",{"description":"string","enabled":"string","interface":"string"}]],"netflow":["list",["object",{"description":"string","enabled":"string","interface":"string","port":"number"}]],"nmap":["list",["object",{"description":"string","enabled":"string"}]],"pxgrid":["list",["object",{"description":"string","enabled":"string"}]],"radius":["list",["object",{"description":"string","enabled":"string"}]],"snmp_query":["list",["object",{"description":"string","enabled":"string","event_timeout":"number","retries":"number","timeout":"number"}]],"snmp_trap":["list",["object",{"description":"string","interface":"string","link_trap_query":"string","mac_trap_query":"string","port":"number"}]]}]]}]],"description_kind":"plain","computed":true},"items":{"type":["list",["object",{"hostname":"string","node_status":"string","persona_type":["list","string"],"roles":["list","string"],"services":["list","string"]}]],"description_kind":"plain","computed":true}},"description":"It performs read operation on Node Deployment.\n\n- Discovers all deployment nodes in the cluster.\nIt provides basic information about each of deployed nodes in the cluster like Hostname, personas, status, roles and\nservices.\n\n- It provides detailed information of the deployed node in the cluster.\n","description_kind":"markdown"}},"ciscoise_node_group":{"version":0,"block":{"attributes":{"id":{"type":"string","description_kind":"plain","optional":true,"computed":true},"item":{"type":["list",["object",{"description":"string","mar_cache":["list",["object",{"enabled":"string","query_attempts":"number","query_timeout":"number","replication_attempts":"number","replication_timeout":"number"}]],"name":"string"}]],"description_kind":"plain","computed":true},"items":{"type":["list",["object",{"description":"string","mar_cache":["list",["object",{"enabled":"string","query_attempts":"number","query_timeout":"number","replication_attempts":"number","replication_timeout":"number"}]],"name":"string"}]],"description_kind":"plain","computed":true},"node_group_name":{"type":"string","description":"node-group-name path parameter. ID of the existing node group.","description_kind":"markdown","optional":true}},"description":"It performs read operation on Node Group.\n\n- Get details of all the node groups in the cluster. To detect node failure and to reset all URL-redirected sessions on\nthe failed node, two or more Policy Service nodes can be placed in the same node group. When a node that belongs to a\nnode group fails, another node in the same node group issues a Change of Authorization (CoA) for all URL-redirected\nsessions on the failed node.\n\n- Get details of a node group in the cluster.\n","description_kind":"markdown"}},"ciscoise_node_promotion":{"version":0,"block":{"attributes":{"id":{"type":"string","description_kind":"plain","optional":true,"computed":true},"item":{"type":["list",["object",{"code":"number","message":"string","root_cause":"string"}]],"description_kind":"plain","computed":true},"promotion_type":{"type":"string","description_kind":"plain","optional":true}},"description":"It performs update operation on Node Deployment.\n\n- Changes the cluster setting by promoting a node to primary when exceuted on standalone or secondary node.\nIt could also be used to convert a deployment node to standalone node.\n","description_kind":"markdown"}},"ciscoise_node_replication_status":{"version":0,"block":{"attributes":{"id":{"type":"string","description_kind":"plain","optional":true,"computed":true},"item":{"type":["list",["object",{"node_status":"string"}]],"description_kind":"plain","computed":true},"node":{"type":"string","description":"node path parameter. ID of the existing node.","description_kind":"markdown","required":true}},"description":"It performs read operation on Replication Status.\n\n- Retrives replication status of a node\n","description_kind":"markdown"}},"ciscoise_node_sync":{"version":0,"block":{"attributes":{"hostname":{"type":"string","description_kind":"plain","optional":true},"id":{"type":"string","description_kind":"plain","optional":true,"computed":true},"item":{"type":["list",["object",{"code":"number","message":"string","root_cause":"string"}]],"description_kind":"plain","computed":true}},"description":"It performs create operation on Sync ISE Node.\n\n- Performing a manual sync will involve a reload of the target node, but not the primary PAN. There might be situations\nwhere if the node has been out of sync for a long time, it may not be possible to recover via a manual sync.\n","description_kind":"markdown"}},"ciscoise_pan_ha":{"version":0,"block":{"attributes":{"id":{"type":"string","description_kind":"plain","optional":true,"computed":true},"items":{"type":["list",["object",{"failed_attempts":"number","is_enabled":"string","polling_interval":"number","primary_health_check_node":"string","secondary_health_check_node":"string"}]],"description_kind":"plain","computed":true}},"description":"It performs read operation on PAN HA.\n\n- In a high availability configuration, the Primary Administration Node (PAN) is in the active state. The Secondary PAN\n(backup PAN) is in the standby state, which means it receives all configuration updates from the Primary PAN, but is not\nactive in the ISE network. You can configure ISE to automatically the promote the secondary PAN when the primary PAN\nbecomes unavailable.\n","description_kind":"markdown"}},"ciscoise_portal":{"version":0,"block":{"attributes":{"filter":{"type":["list","string"],"description":"filter query parameter. \n\n**Simple filtering** should be available through the filter query string parameter. The structure of a filter is\na triplet of field operator and value separated with dots. More than one filter can be sent. The logical operator\ncommon to ALL filter criteria will be by default AND, and can be changed by using the \"filterType=or\" query\nstring parameter. Each resource Data model description should specify if an attribute is a filtered field.\n\n\n\n              Operator    | Description \n\n              ------------|----------------\n\n              EQ          | Equals \n\n              NEQ         | Not Equals \n\n              GT          | Greater Than \n\n              LT          | Less Then \n\n              STARTSW     | Starts With \n\n              NSTARTSW    | Not Starts With \n\n              ENDSW       | Ends With \n\n              NENDSW      | Not Ends With \n\n              CONTAINS\t  | Contains \n\n              NCONTAINS\t  | Not Contains \n\n","description_kind":"markdown","optional":true},"filter_type":{"type":"string","description":"filterType query parameter. The logical operator common to ALL filter criteria will be by default AND, and can be changed by using the parameter","description_kind":"markdown","optional":true},"id":{"type":"string","description":"id path parameter.","description_kind":"markdown","optional":true},"item":{"type":["list",["object",{"description":"string","id":"string","link":["list",["object",{"href":"string","rel":"string","type":"string"}]],"name":"string","portal_type":"string"}]],"description_kind":"plain","computed":true},"items":{"type":["list",["object",{"description":"string","id":"string","link":["list",["object",{"href":"string","rel":"string","type":"string"}]],"name":"string"}]],"description_kind":"plain","computed":true},"page":{"type":"number","description":"page query parameter. Page number","description_kind":"markdown","optional":true},"size":{"type":"number","description":"size query parameter. Number of objects returned per page","description_kind":"markdown","optional":true},"sortasc":{"type":"string","description":"sortasc query parameter. sort asc","description_kind":"markdown","optional":true},"sortdsc":{"type":"string","description":"sortdsc query parameter. sort desc","description_kind":"markdown","optional":true}},"description":"It performs read operation on portal.\n\n- This data source allows the client to get a portal by ID.\n\n- This data source allows the client to get all the portals.\n\nFilter:\n\n[name, description]\n\nSorting:\n\n[name, description]\n","description_kind":"markdown"}},"ciscoise_portal_global_setting":{"version":0,"block":{"attributes":{"filter":{"type":["list","string"],"description":"filter query parameter. \n\n**Simple filtering** should be available through the filter query string parameter. The structure of a filter is\na triplet of field operator and value separated with dots. More than one filter can be sent. The logical operator\ncommon to ALL filter criteria will be by default AND, and can be changed by using the \"filterType=or\" query\nstring parameter. Each resource Data model description should specify if an attribute is a filtered field.\n\n\n\n              Operator    | Description \n\n              ------------|----------------\n\n              EQ          | Equals \n\n              NEQ         | Not Equals \n\n              GT          | Greater Than \n\n              LT          | Less Then \n\n              STARTSW     | Starts With \n\n              NSTARTSW    | Not Starts With \n\n              ENDSW       | Ends With \n\n              NENDSW      | Not Ends With \n\n              CONTAINS\t  | Contains \n\n              NCONTAINS\t  | Not Contains \n\n","description_kind":"markdown","optional":true},"filter_type":{"type":"string","description":"filterType query parameter. The logical operator common to ALL filter criteria will be by default AND, and can be changed by using the parameter","description_kind":"markdown","optional":true},"id":{"type":"string","description":"id path parameter.","description_kind":"markdown","optional":true},"item":{"type":["list",["object",{"customization":"string","id":"string","link":["list",["object",{"href":"string","rel":"string","type":"string"}]]}]],"description_kind":"plain","computed":true},"items":{"type":["list",["object",{"id":"string","link":["list",["object",{"href":"string","rel":"string","type":"string"}]]}]],"description_kind":"plain","computed":true},"page":{"type":"number","description":"page query parameter. Page number","description_kind":"markdown","optional":true},"size":{"type":"number","description":"size query parameter. Number of objects returned per page","description_kind":"markdown","optional":true},"sortasc":{"type":"string","description":"sortasc query parameter. sort asc","description_kind":"markdown","optional":true},"sortdsc":{"type":"string","description":"sortdsc query parameter. sort desc","description_kind":"markdown","optional":true}},"description":"It performs read operation on PortalGlobalSetting.\n\n- This data source allows the client to get the portal global settings by id.\n\n- This data source allows the client to get all the portal global settings.\n\nFilter:\n\n[name]\n\nSorting:\n\n[name, description]\n","description_kind":"markdown"}},"ciscoise_portal_theme":{"version":0,"block":{"attributes":{"filter":{"type":["list","string"],"description":"filter query parameter. \n\n**Simple filtering** should be available through the filter query string parameter. The structure of a filter is\na triplet of field operator and value separated with dots. More than one filter can be sent. The logical operator\ncommon to ALL filter criteria will be by default AND, and can be changed by using the \"filterType=or\" query\nstring parameter. Each resource Data model description should specify if an attribute is a filtered field.\n\n\n\n              Operator    | Description \n\n              ------------|----------------\n\n              EQ          | Equals \n\n              NEQ         | Not Equals \n\n              GT          | Greater Than \n\n              LT          | Less Then \n\n              STARTSW     | Starts With \n\n              NSTARTSW    | Not Starts With \n\n              ENDSW       | Ends With \n\n              NENDSW      | Not Ends With \n\n              CONTAINS\t  | Contains \n\n              NCONTAINS\t  | Not Contains \n\n","description_kind":"markdown","optional":true},"filter_type":{"type":"string","description":"filterType query parameter. The logical operator common to ALL filter criteria will be by default AND, and can be changed by using the parameter","description_kind":"markdown","optional":true},"id":{"type":"string","description":"id path parameter.","description_kind":"markdown","optional":true},"item":{"type":["list",["object",{"description":"string","id":"string","link":["list",["object",{"href":"string","rel":"string","type":"string"}]],"name":"string","theme_data":"string"}]],"description_kind":"plain","computed":true},"items":{"type":["list",["object",{"id":"string","link":["list",["object",{"href":"string","rel":"string","type":"string"}]],"name":"string"}]],"description_kind":"plain","computed":true},"page":{"type":"number","description":"page query parameter. Page number","description_kind":"markdown","optional":true},"size":{"type":"number","description":"size query parameter. Number of objects returned per page","description_kind":"markdown","optional":true},"sortasc":{"type":"string","description":"sortasc query parameter. sort asc","description_kind":"markdown","optional":true},"sortdsc":{"type":"string","description":"sortdsc query parameter. sort desc","description_kind":"markdown","optional":true}},"description":"It performs read operation on PortalTheme.\n\n- This data source allows the client to get a portal theme by ID.\n\n- This data source allows the client to get all the portal themes.\n\nFilter:\n\n[name]\n\nSorting:\n\n[name, description]\n","description_kind":"markdown"}},"ciscoise_profiler_profile":{"version":0,"block":{"attributes":{"filter":{"type":["list","string"],"description":"filter query parameter. \n\n**Simple filtering** should be available through the filter query string parameter. The structure of a filter is\na triplet of field operator and value separated with dots. More than one filter can be sent. The logical operator\ncommon to ALL filter criteria will be by default AND, and can be changed by using the \"filterType=or\" query\nstring parameter. Each resource Data model description should specify if an attribute is a filtered field.\n\n\n\n              Operator    | Description \n\n              ------------|----------------\n\n              EQ          | Equals \n\n              NEQ         | Not Equals \n\n              GT          | Greater Than \n\n              LT          | Less Then \n\n              STARTSW     | Starts With \n\n              NSTARTSW    | Not Starts With \n\n              ENDSW       | Ends With \n\n              NENDSW      | Not Ends With \n\n              CONTAINS\t  | Contains \n\n              NCONTAINS\t  | Not Contains \n\n","description_kind":"markdown","optional":true},"filter_type":{"type":"string","description":"filterType query parameter. The logical operator common to ALL filter criteria will be by default AND, and can be changed by using the parameter","description_kind":"markdown","optional":true},"id":{"type":"string","description":"id path parameter.","description_kind":"markdown","optional":true},"item":{"type":["list",["object",{"description":"string","id":"string","link":["list",["object",{"href":"string","rel":"string","type":"string"}]],"name":"string","parent_id":"string"}]],"description_kind":"plain","computed":true},"items":{"type":["list",["object",{"description":"string","id":"string","link":["list",["object",{"href":"string","rel":"string","type":"string"}]],"name":"string"}]],"description_kind":"plain","computed":true},"page":{"type":"number","description":"page query parameter. Page number","description_kind":"markdown","optional":true},"size":{"type":"number","description":"size query parameter. Number of objects returned per page","description_kind":"markdown","optional":true},"sortasc":{"type":"string","description":"sortasc query parameter. sort asc","description_kind":"markdown","optional":true},"sortdsc":{"type":"string","description":"sortdsc query parameter. sort desc","description_kind":"markdown","optional":true}},"description":"It performs read operation on ProfilerProfile.\n\n- This data source allows the client to get a profiler profile by ID.\n\n- This data source allows the client to get all the profiler profiles.\n\nFilter:\n\n[name]\n\nSorting:\n\n[name, description]\n","description_kind":"markdown"}},"ciscoise_px_grid_node":{"version":0,"block":{"attributes":{"id":{"type":"string","description":"id path parameter.","description_kind":"markdown","optional":true},"item_id":{"type":["list",["object",{"auth_method":"string","description":"string","groups":"string","id":"string","link":["list",["object",{"href":"string","rel":"string","type":"string"}]],"name":"string","status":"string"}]],"description_kind":"plain","computed":true},"item_name":{"type":["list",["object",{"auth_method":"string","description":"string","groups":"string","id":"string","link":["list",["object",{"href":"string","rel":"string","type":"string"}]],"name":"string","status":"string"}]],"description_kind":"plain","computed":true},"items":{"type":["list",["object",{"description":"string","id":"string","link":["list",["object",{"href":"string","rel":"string","type":"string"}]],"name":"string"}]],"description_kind":"plain","computed":true},"name":{"type":"string","description":"name path parameter.","description_kind":"markdown","optional":true},"page":{"type":"number","description":"page query parameter. Page number","description_kind":"markdown","optional":true},"size":{"type":"number","description":"size query parameter. Number of objects returned per page","description_kind":"markdown","optional":true}},"description":"It performs read operation on pxGridNode.\n\n- This data source allows the client to get a pxGrid node by name.\n\n- This data source allows the client to get a pxGrid node by ID.\n\n- This data source allows the client to get all the npxGrid nodes.\n","description_kind":"markdown"}},"ciscoise_px_grid_node_approve":{"version":0,"block":{"attributes":{"id":{"type":"string","description_kind":"plain","optional":true,"computed":true},"item":{"type":"string","description_kind":"plain","computed":true},"name":{"type":"string","description":"name path parameter.","description_kind":"markdown","required":true}},"description":"It performs update operation on pxGridNode.\n\n- This data source action allows the client to approve a pxGrid node.\nOnly pending pxGrid nodes can be approved\n","description_kind":"markdown"}},"ciscoise_px_grid_node_delete":{"version":0,"block":{"attributes":{"id":{"type":"string","description_kind":"plain","optional":true,"computed":true},"item":{"type":"string","description_kind":"plain","computed":true},"name":{"type":"string","description":"name path parameter.","description_kind":"markdown","required":true}},"description":"It performs delete operation on pxGridNode.\n\n- This data source action deletes a pxGrid node by name.","description_kind":"markdown"}},"ciscoise_px_grid_settings_auto_approve":{"version":0,"block":{"attributes":{"allow_password_based_accounts":{"type":"string","description":"Allow password based accounts when true","description_kind":"markdown","optional":true},"auto_approve_cert_based_accounts":{"type":"string","description":"Auto approve certificate based accounts when true","description_kind":"markdown","optional":true},"id":{"type":"string","description_kind":"plain","optional":true,"computed":true},"item":{"type":"string","description_kind":"plain","computed":true}},"description":"It performs update operation on PxGridSettings.\n\n- This data source action allows the client to auto approve the pxGrid settings.\n","description_kind":"markdown"}},"ciscoise_pxgrid_access_secret":{"version":0,"block":{"attributes":{"id":{"type":"string","description_kind":"plain","optional":true,"computed":true},"item":{"type":"string","description_kind":"plain","computed":true},"peer_node_name":{"type":"string","description_kind":"plain","optional":true}},"description":"It performs create operation on Consumer.\n\n- 🚧 AccessSecret","description_kind":"markdown"}},"ciscoise_pxgrid_account_activate":{"version":0,"block":{"attributes":{"description":{"type":"string","description_kind":"plain","optional":true},"id":{"type":"string","description_kind":"plain","optional":true,"computed":true},"item":{"type":"string","description_kind":"plain","computed":true}},"description":"It performs create operation on Consumer.\n\n🚧 AccountActivate","description_kind":"markdown"}},"ciscoise_pxgrid_account_create":{"version":0,"block":{"attributes":{"id":{"type":"string","description_kind":"plain","optional":true,"computed":true},"item":{"type":"string","description_kind":"plain","computed":true},"node_name":{"type":"string","description_kind":"plain","optional":true}},"description":"It performs create operation on Consumer.\n\n- 🚧 AccountCreate","description_kind":"markdown"}},"ciscoise_pxgrid_authorization":{"version":0,"block":{"attributes":{"id":{"type":"string","description_kind":"plain","optional":true,"computed":true},"item":{"type":"string","description_kind":"plain","computed":true}},"description":"It performs create operation on Provider.\n\n- 🚧 Authorization\n","description_kind":"markdown"}},"ciscoise_pxgrid_bindings_info":{"version":0,"block":{"attributes":{"id":{"type":"string","description_kind":"plain","optional":true,"computed":true},"item":{"type":"string","description_kind":"plain","computed":true}},"description":"It performs create operation on TrustSec SXP.\n\n- 🚧 getBindings\n","description_kind":"markdown"}},"ciscoise_pxgrid_egress_matrices_info":{"version":0,"block":{"attributes":{"id":{"type":"string","description_kind":"plain","optional":true,"computed":true},"item":{"type":"string","description_kind":"plain","computed":true}},"description":"It performs create operation on TrustSec Configuration.\n\n- 🚧 getEgressMatrices\n","description_kind":"markdown"}},"ciscoise_pxgrid_egress_policies_info":{"version":0,"block":{"attributes":{"id":{"type":"string","description_kind":"plain","optional":true,"computed":true},"item":{"type":"string","description_kind":"plain","computed":true}},"description":"It performs create operation on TrustSec Configuration.\n\n- 🚧 getEgressPolicies\n","description_kind":"markdown"}},"ciscoise_pxgrid_endpoint_by_mac_info":{"version":0,"block":{"attributes":{"id":{"type":"string","description_kind":"plain","optional":true,"computed":true},"item":{"type":"string","description_kind":"plain","computed":true}},"description":"It performs create operation on MDM.\n\n- 🚧 getEndpointByMacAddress\n","description_kind":"markdown"}},"ciscoise_pxgrid_endpoints_by_os_type_info":{"version":0,"block":{"attributes":{"id":{"type":"string","description_kind":"plain","optional":true,"computed":true},"item":{"type":"string","description_kind":"plain","computed":true}},"description":"It performs create operation on MDM.\n\n- 🚧 getEndpointsByOsType\n","description_kind":"markdown"}},"ciscoise_pxgrid_endpoints_by_type_info":{"version":0,"block":{"attributes":{"id":{"type":"string","description_kind":"plain","optional":true,"computed":true},"item":{"type":"string","description_kind":"plain","computed":true}},"description":"It performs create operation on MDM.\n\n- 🚧 getEndpointsByType\n","description_kind":"markdown"}},"ciscoise_pxgrid_endpoints_info":{"version":0,"block":{"attributes":{"id":{"type":"string","description_kind":"plain","optional":true,"computed":true},"item":{"type":"string","description_kind":"plain","computed":true}},"description":"It performs create operation on MDM.\n\n- 🚧 getEndpoints\n","description_kind":"markdown"}},"ciscoise_pxgrid_failures":{"version":0,"block":{"attributes":{"id":{"type":"string","description_kind":"plain","optional":true,"computed":true},"item":{"type":"string","description_kind":"plain","computed":true}},"description":"It performs read operation on RADIUS Failure.\n\n- 🚧 getFailures\n","description_kind":"markdown"}},"ciscoise_pxgrid_healths_info":{"version":0,"block":{"attributes":{"id":{"type":"string","description_kind":"plain","optional":true,"computed":true},"item":{"type":"string","description_kind":"plain","computed":true}},"description":"It performs create operation on System Health.\n\n- 🚧 getHealths\n","description_kind":"markdown"}},"ciscoise_pxgrid_performances_info":{"version":0,"block":{"attributes":{"id":{"type":"string","description_kind":"plain","optional":true,"computed":true},"item":{"type":"string","description_kind":"plain","computed":true}},"description":"It performs create operation on System Health.\n\n- 🚧 getPerformances\n","description_kind":"markdown"}},"ciscoise_pxgrid_profiles_info":{"version":0,"block":{"attributes":{"id":{"type":"string","description_kind":"plain","optional":true,"computed":true},"item":{"type":"string","description_kind":"plain","computed":true}},"description":"It performs create operation on Profiler.\n\n- 🚧 getProfiles\n","description_kind":"markdown"}},"ciscoise_pxgrid_security_group_acls_info":{"version":0,"block":{"attributes":{"id":{"type":"string","description_kind":"plain","optional":true,"computed":true},"item":{"type":"string","description_kind":"plain","computed":true}},"description":"It performs create operation on TrustSec Configuration.\n\n- 🚧 getSecurityGroupAcls\n","description_kind":"markdown"}},"ciscoise_pxgrid_security_groups_info":{"version":0,"block":{"attributes":{"id":{"type":"string","description_kind":"plain","optional":true,"computed":true},"item":{"type":"string","description_kind":"plain","computed":true}},"description":"It performs create operation on TrustSec Configuration.\n\n- 🚧 getSecurityGroups\n","description_kind":"markdown"}},"ciscoise_pxgrid_service_lookup":{"version":0,"block":{"attributes":{"id":{"type":"string","description_kind":"plain","optional":true,"computed":true},"item":{"type":"string","description_kind":"plain","computed":true},"name":{"type":"string","description_kind":"plain","optional":true}},"description":"It performs create operation on Consumer.\n\n- 🚧 ServiceLookup","description_kind":"markdown"}},"ciscoise_pxgrid_service_register":{"version":0,"block":{"attributes":{"id":{"type":"string","description_kind":"plain","optional":true,"computed":true},"item":{"type":"string","description_kind":"plain","computed":true},"name":{"type":"string","description_kind":"plain","optional":true}},"description":"It performs create operation on Provider.\n\n- 🚧 ServiceRegister","description_kind":"markdown"}},"ciscoise_pxgrid_service_reregister":{"version":0,"block":{"attributes":{"id":{"type":"string","description_kind":"plain","optional":true,"computed":true},"item":{"type":"string","description_kind":"plain","computed":true}},"description":"It performs create operation on Provider.\n\n- 🚧 ServiceReregister\n","description_kind":"markdown"}},"ciscoise_pxgrid_service_unregister":{"version":0,"block":{"attributes":{"id":{"type":"string","description_kind":"plain","optional":true,"computed":true},"item":{"type":"string","description_kind":"plain","computed":true}},"description":"It performs create operation on Provider.\n\n- 🚧 ServiceUnregister\n","description_kind":"markdown"}},"ciscoise_pxgrid_session_by_ip_info":{"version":0,"block":{"attributes":{"id":{"type":"string","description_kind":"plain","optional":true,"computed":true},"item":{"type":"string","description_kind":"plain","computed":true}},"description":"It performs create operation on Session Directory.\n\n- 🚧 getSessionByIpAddress\n","description_kind":"markdown"}},"ciscoise_pxgrid_session_by_mac_info":{"version":0,"block":{"attributes":{"id":{"type":"string","description_kind":"plain","optional":true,"computed":true},"item":{"type":"string","description_kind":"plain","computed":true}},"description":"It performs create operation on Session Directory.\n\n- 🚧 getSessionByMacAddress\n","description_kind":"markdown"}},"ciscoise_pxgrid_session_for_recovery_info":{"version":0,"block":{"attributes":{"id":{"type":"string","description_kind":"plain","optional":true,"computed":true},"item":{"type":"string","description_kind":"plain","computed":true}},"description":"It performs create operation on Session Directory.\n\n- 🚧 getSessionsForRecovery\n","description_kind":"markdown"}},"ciscoise_pxgrid_sessions_info":{"version":0,"block":{"attributes":{"id":{"type":"string","description_kind":"plain","optional":true,"computed":true},"item":{"type":"string","description_kind":"plain","computed":true}},"description":"It performs create operation on Session Directory.\n\n- 🚧 getSessions\n","description_kind":"markdown"}},"ciscoise_pxgrid_user_group_by_username_info":{"version":0,"block":{"attributes":{"id":{"type":"string","description_kind":"plain","optional":true,"computed":true},"item":{"type":"string","description_kind":"plain","computed":true}},"description":"It performs create operation on Session Directory.\n\n- 🚧 getUserGroupByUserName\n","description_kind":"markdown"}},"ciscoise_pxgrid_user_groups_info":{"version":0,"block":{"attributes":{"id":{"type":"string","description_kind":"plain","optional":true,"computed":true},"item":{"type":"string","description_kind":"plain","computed":true}},"description":"It performs create operation on Session Directory.\n\n- 🚧 getUserGroups\n","description_kind":"markdown"}},"ciscoise_radius_server_sequence":{"version":0,"block":{"attributes":{"id":{"type":"string","description":"id path parameter.","description_kind":"markdown","optional":true},"item":{"type":["list",["object",{"before_accept_attr_manipulators_list":["list",["object",{"action":"string","attribute_name":"string","changed_val":"string","dictionary_name":"string","value":"string"}]],"continue_authorz_policy":"string","description":"string","id":"string","link":["list",["object",{"href":"string","rel":"string","type":"string"}]],"local_accounting":"string","name":"string","on_request_attr_manipulator_list":["list",["object",{"action":"string","attribute_name":"string","changed_val":"string","dictionary_name":"string","value":"string"}]],"prefix_separator":"string","radius_server_list":["list","string"],"remote_accounting":"string","strip_prefix":"string","strip_suffix":"string","suffix_separator":"string","use_attr_set_before_acc":"string","use_attr_set_on_request":"string"}]],"description_kind":"plain","computed":true},"items":{"type":["list",["object",{"description":"string","id":"string","link":["list",["object",{"href":"string","rel":"string","type":"string"}]],"name":"string"}]],"description_kind":"plain","computed":true},"page":{"type":"number","description":"page query parameter. Page number","description_kind":"markdown","optional":true},"size":{"type":"number","description":"size query parameter. Number of objects returned per page","description_kind":"markdown","optional":true}},"description":"It performs read operation on RADIUSServerSequence.\n\n- This data source allows the client to get a RADIUS server sequence by ID.\n\n- This data source allows the client to get all the RADIUS server sequences.\n","description_kind":"markdown"}},"ciscoise_renew_certificate":{"version":0,"block":{"attributes":{"cert_type":{"type":"string","description_kind":"plain","optional":true},"id":{"type":"string","description_kind":"plain","optional":true,"computed":true},"item":{"type":["list",["object",{"id":"string","link":["list",["object",{"href":"string","rel":"string","type":"string"}]],"message":"string"}]],"description_kind":"plain","computed":true}},"description":"It performs create operation on Certificates.\n\n- This data source action will initiate regeneration of certificates. Response contains id which can be used to track\nthe status\n","description_kind":"markdown"}},"ciscoise_repository":{"version":0,"block":{"attributes":{"id":{"type":"string","description_kind":"plain","optional":true,"computed":true},"item":{"type":["list",["object",{"enable_pki":"string","name":"string","password":"string","path":"string","protocol":"string","server_name":"string","user_name":"string"}]],"description_kind":"plain","computed":true},"items":{"type":["list",["object",{"enable_pki":"string","name":"string","password":"string","path":"string","protocol":"string","server_name":"string","user_name":"string"}]],"description_kind":"plain","computed":true},"name":{"type":"string","description":"name path parameter. Unique name for a repository","description_kind":"markdown","optional":true}},"description":"It performs read operation on Repository.\n\n- This will get the full list of repository definitions on the system.\n\n- Get a specific repository identified by the name passed in the URL.\n","description_kind":"markdown"}},"ciscoise_repository_files":{"version":0,"block":{"attributes":{"id":{"type":"string","description_kind":"plain","optional":true,"computed":true},"items":{"type":["list",["object",{"response":["list","string"],"version":"string"}]],"description_kind":"plain","computed":true},"name":{"type":"string","description":"name path parameter. Unique name for a repository","description_kind":"markdown","required":true}},"description":"It performs read operation on Repository.\n\n- This will get the full list of files present in the named repository.\n","description_kind":"markdown"}},"ciscoise_resource_version":{"version":0,"block":{"attributes":{"id":{"type":"string","description_kind":"plain","optional":true,"computed":true},"item":{"type":["list",["object",{"current_server_version":"string","link":["list",["object",{"href":"string","rel":"string","type":"string"}]],"supported_versions":"string"}]],"description_kind":"plain","computed":true},"resource":{"type":"string","description":"resource path parameter.","description_kind":"markdown","required":true}},"description":"It performs read operation on VersionInfo.\n\n- Get all VersionInfo\n","description_kind":"markdown"}},"ciscoise_rest_id_store":{"version":0,"block":{"attributes":{"filter":{"type":["list","string"],"description":"filter query parameter. \n\n**Simple filtering** should be available through the filter query string parameter. The structure of a filter is\na triplet of field operator and value separated with dots. More than one filter can be sent. The logical operator\ncommon to ALL filter criteria will be by default AND, and can be changed by using the \"filterType=or\" query\nstring parameter. Each resource Data model description should specify if an attribute is a filtered field.\n\n\n\n              Operator    | Description \n\n              ------------|----------------\n\n              EQ          | Equals \n\n              NEQ         | Not Equals \n\n              GT          | Greater Than \n\n              LT          | Less Then \n\n              STARTSW     | Starts With \n\n              NSTARTSW    | Not Starts With \n\n              ENDSW       | Ends With \n\n              NENDSW      | Not Ends With \n\n              CONTAINS\t  | Contains \n\n              NCONTAINS\t  | Not Contains \n\n","description_kind":"markdown","optional":true},"filter_type":{"type":"string","description":"filterType query parameter. The logical operator common to ALL filter criteria will be by default AND, and can be changed by using the parameter","description_kind":"markdown","optional":true},"id":{"type":"string","description":"id path parameter.","description_kind":"markdown","optional":true},"item_id":{"type":["list",["object",{"description":"string","ers_rest_idstore_attributes":["list",["object",{"headers":["list",["object",{"key":"string","value":"string"}]],"predefined":"string","root_url":"string","username_suffix":"string"}]],"id":"string","link":["list",["object",{"href":"string","rel":"string","type":"string"}]],"name":"string"}]],"description_kind":"plain","computed":true},"item_name":{"type":["list",["object",{"description":"string","ers_rest_idstore_attributes":["list",["object",{"headers":["list",["object",{"key":"string","value":"string"}]],"predefined":"string","root_url":"string","username_suffix":"string"}]],"id":"string","link":["list",["object",{"href":"string","rel":"string","type":"string"}]],"name":"string"}]],"description_kind":"plain","computed":true},"items":{"type":["list",["object",{"description":"string","id":"string","link":["list",["object",{"href":"string","rel":"string","type":"string"}]],"name":"string"}]],"description_kind":"plain","computed":true},"name":{"type":"string","description":"name path parameter.","description_kind":"markdown","optional":true},"page":{"type":"number","description":"page query parameter. Page number","description_kind":"markdown","optional":true},"size":{"type":"number","description":"size query parameter. Number of objects returned per page","description_kind":"markdown","optional":true},"sortasc":{"type":"string","description":"sortasc query parameter. sort asc","description_kind":"markdown","optional":true},"sortdsc":{"type":"string","description":"sortdsc query parameter. sort desc","description_kind":"markdown","optional":true}},"description":"It performs read operation on RESTIDStore.\n\n- This data source allows the client to get a REST ID store by name.\n\n- This data source allows the client to get a REST ID store by ID.\n\n- This data source allows the client to get all the REST ID stores.\n\nFilter:\n\n[name]\n\nSorting:\n\n[name]\n","description_kind":"markdown"}},"ciscoise_self_registered_portal":{"version":0,"block":{"attributes":{"filter":{"type":["list","string"],"description":"filter query parameter. \n\n**Simple filtering** should be available through the filter query string parameter. The structure of a filter is\na triplet of field operator and value separated with dots. More than one filter can be sent. The logical operator\ncommon to ALL filter criteria will be by default AND, and can be changed by using the \"filterType=or\" query\nstring parameter. Each resource Data model description should specify if an attribute is a filtered field.\n\n\n\n              Operator    | Description \n\n              ------------|----------------\n\n              EQ          | Equals \n\n              NEQ         | Not Equals \n\n              GT          | Greater Than \n\n              LT          | Less Then \n\n              STARTSW     | Starts With \n\n              NSTARTSW    | Not Starts With \n\n              ENDSW       | Ends With \n\n              NENDSW      | Not Ends With \n\n              CONTAINS\t  | Contains \n\n              NCONTAINS\t  | Not Contains \n\n","description_kind":"markdown","optional":true},"filter_type":{"type":"string","description":"filterType query parameter. The logical operator common to ALL filter criteria will be by default AND, and can be changed by using the parameter","description_kind":"markdown","optional":true},"id":{"type":"string","description":"id path parameter.","description_kind":"markdown","optional":true},"item":{"type":["list",["object",{"customizations":["list",["object",{"global_customizations":["list",["object",{"background_image":["list",["object",{"data":"string"}]],"banner_image":["list",["object",{"data":"string"}]],"banner_title":"string","contact_text":"string","desktop_logo_image":["list",["object",{"data":"string"}]],"footer_element":"string","mobile_logo_image":["list",["object",{"data":"string"}]]}]],"language":["list",["object",{"view_language":"string"}]],"page_customizations":["list",["object",{"data":["list",["object",{"key":"string","value":"string"}]]}]],"portal_theme":["list",["object",{"id":"string","name":"string","theme_data":"string"}]],"portal_tweak_settings":["list",["object",{"banner_color":"string","banner_text_color":"string","page_background_color":"string","page_label_and_text_color":"string"}]]}]],"description":"string","id":"string","link":["list",["object",{"href":"string","rel":"string","type":"string"}]],"name":"string","portal_test_url":"string","portal_type":"string","settings":["list",["object",{"aup_settings":["list",["object",{"display_frequency":"string","display_frequency_interval_days":"number","include_aup":"string","require_aup_scrolling":"string","require_scrolling":"string","skip_aup_for_employees":"string","use_diff_aup_for_employees":"string"}]],"auth_success_settings":["list",["object",{"redirect_url":"string","success_redirect":"string"}]],"byod_settings":["list",["object",{"byod_registration_settings":["list",["object",{"end_point_identity_group_id":"string","show_device_id":"string"}]],"byod_registration_success_settings":["list",["object",{"redirect_url":"string","success_redirect":"string"}]],"byod_welcome_settings":["list",["object",{"aup_display":"string","enable_byo_d":"string","enable_guest_access":"string","include_aup":"string","require_aup_acceptance":"string","require_mdm":"string","require_scrolling":"string"}]]}]],"guest_change_password_settings":["list",["object",{"allow_change_passwd_at_first_login":"string"}]],"guest_device_registration_settings":["list",["object",{"allow_guests_to_register_devices":"string","auto_register_guest_devices":"string"}]],"login_page_settings":["list",["object",{"access_code":"string","allow_alternate_guest_portal":"string","allow_forgot_password":"string","allow_guest_to_change_password":"string","allow_guest_to_create_accounts":"string","allow_guest_to_use_social_accounts":"string","allow_show_guest_form":"string","alternate_guest_portal":"string","aup_display":"string","include_aup":"string","max_failed_attempts_before_rate_limit":"number","require_access_code":"string","require_aup_acceptance":"string","social_configs":["list",["object",{"social_media_type":"string","social_media_value":"string"}]],"time_between_logins_during_rate_limit":"number"}]],"portal_settings":["list",["object",{"allowed_interfaces":["list","string"],"always_used_language":"string","assigned_guest_type_for_employee":"string","authentication_method":"string","certificate_group_tag":"string","display_lang":"string","fallback_language":"string","https_port":"number"}]],"post_access_banner_settings":["list",["object",{"include_post_access_banner":"string"}]],"post_login_banner_settings":["list",["object",{"include_post_access_banner":"string"}]],"self_reg_page_settings":["list",["object",{"account_validity_duration":"number","account_validity_time_units":"string","allow_grace_access":"string","approval_email_addresses":"string","approve_deny_links_time_units":"string","approve_deny_links_valid_for":"number","assign_guests_to_guest_type":"string","aup_display":"string","authenticate_sponsors_using_portal_list":"string","auto_login_self_wait":"string","auto_login_time_period":"number","credential_notification_using_email":"string","credential_notification_using_sms":"string","enable_guest_email_blacklist":"string","enable_guest_email_whitelist":"string","field_company":["list",["object",{"include":"string","require":"string"}]],"field_email_addr":["list",["object",{"include":"string","require":"string"}]],"field_first_name":["list",["object",{"include":"string","require":"string"}]],"field_last_name":["list",["object",{"include":"string","require":"string"}]],"field_location":["list",["object",{"include":"string","require":"string"}]],"field_person_being_visited":["list",["object",{"include":"string","require":"string"}]],"field_phone_no":["list",["object",{"include":"string","require":"string"}]],"field_reason_for_visit":["list",["object",{"include":"string","require":"string"}]],"field_sms_provider":["list",["object",{"include":"string","require":"string"}]],"field_user_name":["list",["object",{"include":"string","require":"string"}]],"grace_access_expire_interval":"number","grace_access_send_account_expiration":"string","guest_email_blacklist_domains":["list","string"],"guest_email_whitelist_domains":["list","string"],"include_aup":"string","post_registration_redirect":"string","post_registration_redirect_url":"string","registration_code":"string","require_approver_to_authenticate":"string","require_aup_acceptance":"string","require_guest_approval":"string","require_registration_code":"string","selectable_locations":["list","string"],"selectable_sms_providers":["list","string"],"send_approval_request_to":"string","sponsor_portal_list":["list","string"]}]],"self_reg_success_settings":["list",["object",{"allow_guest_login_from_selfreg_success_page":"string","allow_guest_send_self_using_email":"string","allow_guest_send_self_using_print":"string","allow_guest_send_self_using_sms":"string","aup_on_page":"string","include_aup":"string","include_company":"string","include_email_addr":"string","include_first_name":"string","include_last_name":"string","include_location":"string","include_password":"string","include_person_being_visited":"string","include_phone_no":"string","include_reason_for_visit":"string","include_sms_provider":"string","include_user_name":"string","require_aup_acceptance":"string","require_aup_scrolling":"string"}]],"support_info_settings":["list",["object",{"default_empty_field_value":"string","empty_field_display":"string","include_browser_user_agent":"string","include_failure_code":"string","include_ip_address":"string","include_mac_addr":"string","include_policy_server":"string","include_support_info_page":"string"}]]}]]}]],"description_kind":"plain","computed":true},"items":{"type":["list",["object",{"description":"string","id":"string","link":["list",["object",{"href":"string","rel":"string","type":"string"}]],"name":"string"}]],"description_kind":"plain","computed":true},"page":{"type":"number","description":"page query parameter. Page number","description_kind":"markdown","optional":true},"size":{"type":"number","description":"size query parameter. Number of objects returned per page","description_kind":"markdown","optional":true},"sortasc":{"type":"string","description":"sortasc query parameter. sort asc","description_kind":"markdown","optional":true},"sortdsc":{"type":"string","description":"sortdsc query parameter. sort desc","description_kind":"markdown","optional":true}},"description":"It performs read operation on SelfRegisteredPortal.\n\n- This data source allows the client to get a self registered portal by ID.\n\n- This data source allows the client to get all the self registered portals.\n\nFilter:\n\n[name]\n\nSorting:\n\n[name, description]\n","description_kind":"markdown"}},"ciscoise_session_service_node":{"version":0,"block":{"attributes":{"id":{"type":"string","description":"id path parameter.","description_kind":"markdown","optional":true},"item_id":{"type":["list",["object",{"description":"string","gate_way":"string","id":"string","ip_address":"string","link":["list",["object",{"href":"string","rel":"string","type":"string"}]],"name":"string"}]],"description_kind":"plain","computed":true},"item_name":{"type":["list",["object",{"description":"string","gate_way":"string","id":"string","ip_address":"string","link":["list",["object",{"href":"string","rel":"string","type":"string"}]],"name":"string"}]],"description_kind":"plain","computed":true},"items":{"type":["list",["object",{"description":"string","id":"string","link":["list",["object",{"href":"string","rel":"string","type":"string"}]],"name":"string"}]],"description_kind":"plain","computed":true},"name":{"type":"string","description":"name path parameter.","description_kind":"markdown","optional":true},"page":{"type":"number","description":"page query parameter. Page number","description_kind":"markdown","optional":true},"size":{"type":"number","description":"size query parameter. Number of objects returned per page","description_kind":"markdown","optional":true}},"description":"It performs read operation on PsnNodeDetailsWithRadiusService.\n\n- This data source allows the client to get a PSN node details by name.\n\n- This data source allows the client to get a PSN node details by ID.\n\n- This data source allows the client to get all the PSN node details.\n","description_kind":"markdown"}},"ciscoise_sg_acl":{"version":0,"block":{"attributes":{"filter":{"type":["list","string"],"description":"filter query parameter. \n\n**Simple filtering** should be available through the filter query string parameter. The structure of a filter is\na triplet of field operator and value separated with dots. More than one filter can be sent. The logical operator\ncommon to ALL filter criteria will be by default AND, and can be changed by using the \"filterType=or\" query\nstring parameter. Each resource Data model description should specify if an attribute is a filtered field.\n\n\n\n              Operator    | Description \n\n              ------------|----------------\n\n              EQ          | Equals \n\n              NEQ         | Not Equals \n\n              GT          | Greater Than \n\n              LT          | Less Then \n\n              STARTSW     | Starts With \n\n              NSTARTSW    | Not Starts With \n\n              ENDSW       | Ends With \n\n              NENDSW      | Not Ends With \n\n              CONTAINS\t  | Contains \n\n              NCONTAINS\t  | Not Contains \n\n","description_kind":"markdown","optional":true},"filter_type":{"type":"string","description":"filterType query parameter. The logical operator common to ALL filter criteria will be by default AND, and can be changed by using the parameter","description_kind":"markdown","optional":true},"id":{"type":"string","description":"id path parameter.","description_kind":"markdown","optional":true},"item":{"type":["list",["object",{"aclcontent":"string","description":"string","generation_id":"string","id":"string","ip_version":"string","is_read_only":"string","link":["list",["object",{"href":"string","rel":"string","type":"string"}]],"modelled_content":"string","name":"string"}]],"description_kind":"plain","computed":true},"items":{"type":["list",["object",{"description":"string","id":"string","link":["list",["object",{"href":"string","rel":"string","type":"string"}]],"name":"string"}]],"description_kind":"plain","computed":true},"page":{"type":"number","description":"page query parameter. Page number","description_kind":"markdown","optional":true},"size":{"type":"number","description":"size query parameter. Number of objects returned per page","description_kind":"markdown","optional":true},"sortasc":{"type":"string","description":"sortasc query parameter. sort asc","description_kind":"markdown","optional":true},"sortdsc":{"type":"string","description":"sortdsc query parameter. sort desc","description_kind":"markdown","optional":true}},"description":"It performs read operation on SecurityGroupsACLs.\n\n- This data source allows the client to get a security group ACL by ID.\n\n- This data source allows the client to get all the security group ACLs.\n\nFilter:\n\n[ipVersion, name, description]\n\nSorting:\n\n[ipVersion, name, description]\n","description_kind":"markdown"}},"ciscoise_sg_acl_bulk_monitor_status":{"version":0,"block":{"attributes":{"bulkid":{"type":"string","description":"bulkid path parameter.","description_kind":"markdown","required":true},"id":{"type":"string","description_kind":"plain","optional":true,"computed":true},"item":{"type":["list",["object",{"bulk_id":"string","execution_status":"string","fail_count":"number","media_type":"string","operation_type":"string","resources_count":"number","resources_status":["list",["object",{"description":"string","id":"string","name":"string","resource_execution_status":"string","status":"string"}]],"start_time":"string","success_count":"number"}]],"description_kind":"plain","computed":true}},"description":"It performs read operation on SecurityGroupsACLs.\n\n- This data source allows the client to monitor the bulk request.\n","description_kind":"markdown"}},"ciscoise_sg_acl_bulk_request":{"version":0,"block":{"attributes":{"id":{"type":"string","description_kind":"plain","optional":true,"computed":true},"item":{"type":"string","description_kind":"plain","computed":true},"operation_type":{"type":"string","description_kind":"plain","optional":true},"resource_media_type":{"type":"string","description_kind":"plain","optional":true}},"description":"It performs update operation on SecurityGroupsACLs.\n\n- This data source action allows the client to submit the bulk request.\n","description_kind":"markdown"}},"ciscoise_sg_mapping":{"version":0,"block":{"attributes":{"filter":{"type":["list","string"],"description":"filter query parameter. \n\n**Simple filtering** should be available through the filter query string parameter. The structure of a filter is\na triplet of field operator and value separated with dots. More than one filter can be sent. The logical operator\ncommon to ALL filter criteria will be by default AND, and can be changed by using the \"filterType=or\" query\nstring parameter. Each resource Data model description should specify if an attribute is a filtered field.\n\n\n\n              Operator    | Description \n\n              ------------|----------------\n\n              EQ          | Equals \n\n              NEQ         | Not Equals \n\n              GT          | Greater Than \n\n              LT          | Less Then \n\n              STARTSW     | Starts With \n\n              NSTARTSW    | Not Starts With \n\n              ENDSW       | Ends With \n\n              NENDSW      | Not Ends With \n\n              CONTAINS\t  | Contains \n\n              NCONTAINS\t  | Not Contains \n\n","description_kind":"markdown","optional":true},"filter_type":{"type":"string","description":"filterType query parameter. The logical operator common to ALL filter criteria will be by default AND, and can be changed by using the parameter","description_kind":"markdown","optional":true},"id":{"type":"string","description":"id path parameter.","description_kind":"markdown","optional":true},"item":{"type":["list",["object",{"deploy_to":"string","deploy_type":"string","host_ip":"string","host_name":"string","id":"string","link":["list",["object",{"href":"string","rel":"string","type":"string"}]],"mapping_group":"string","name":"string","sgt":"string"}]],"description_kind":"plain","computed":true},"items":{"type":["list",["object",{"id":"string","link":["list",["object",{"href":"string","rel":"string","type":"string"}]],"name":"string"}]],"description_kind":"plain","computed":true},"page":{"type":"number","description":"page query parameter. Page number","description_kind":"markdown","optional":true},"size":{"type":"number","description":"size query parameter. Number of objects returned per page","description_kind":"markdown","optional":true},"sortasc":{"type":"string","description":"sortasc query parameter. sort asc","description_kind":"markdown","optional":true},"sortdsc":{"type":"string","description":"sortdsc query parameter. sort desc","description_kind":"markdown","optional":true}},"description":"It performs read operation on IPToSGTMapping.\n\n- This data source allows the client to get an IP to SGT mapping by ID.\n\n- This data source allows the client to get all the IP to SGT mappings.\n\nFilter:\n\n[hostName, groupName, ip, sgtName]\n\nSorting:\n\n[hostName, groupName, ip, sgtName]\n","description_kind":"markdown"}},"ciscoise_sg_mapping_bulk_monitor_status":{"version":0,"block":{"attributes":{"bulkid":{"type":"string","description":"bulkid path parameter.","description_kind":"markdown","required":true},"id":{"type":"string","description_kind":"plain","optional":true,"computed":true},"item":{"type":["list",["object",{"bulk_id":"string","execution_status":"string","fail_count":"number","media_type":"string","operation_type":"string","resources_count":"number","resources_status":["list",["object",{"description":"string","id":"string","name":"string","resource_execution_status":"string","status":"string"}]],"start_time":"string","success_count":"number"}]],"description_kind":"plain","computed":true}},"description":"It performs read operation on IPToSGTMapping.\n\n- This data source allows the client to monitor the bulk request.\n","description_kind":"markdown"}},"ciscoise_sg_mapping_bulk_request":{"version":0,"block":{"attributes":{"id":{"type":"string","description_kind":"plain","optional":true,"computed":true},"item":{"type":"string","description_kind":"plain","computed":true},"operation_type":{"type":"string","description_kind":"plain","optional":true},"resource_media_type":{"type":"string","description_kind":"plain","optional":true}},"description":"It performs update operation on IPToSGTMapping.\n\n- This data source action allows the client to submit the bulk request.\n","description_kind":"markdown"}},"ciscoise_sg_mapping_deploy":{"version":0,"block":{"attributes":{"id":{"type":"string","description":"id path parameter.","description_kind":"markdown","required":true},"item":{"type":"string","description_kind":"plain","computed":true}},"description":"It performs update operation on IPToSGTMapping.\n\n- This data source action allows the client to deploy an IP to SGT mapping by ID.\nOnly one Deploy process can run at any given time\n","description_kind":"markdown"}},"ciscoise_sg_mapping_deploy_all":{"version":0,"block":{"attributes":{"id":{"type":"string","description_kind":"plain","optional":true,"computed":true},"item":{"type":"string","description_kind":"plain","computed":true}},"description":"It performs update operation on IPToSGTMapping.\n\n- This data source action allows the client to deploy all the IP to SGT mappings.\nOnly one Deploy process can run at any given time\n","description_kind":"markdown"}},"ciscoise_sg_mapping_deploy_status_info":{"version":0,"block":{"attributes":{"id":{"type":"string","description_kind":"plain","optional":true,"computed":true},"item":{"type":["list",["object",{"result_value":["list",["object",{"name":"string","value":"string"}]]}]],"description_kind":"plain","computed":true}},"description":"It performs update operation on IPToSGTMapping.\n\n- This data source action allows the client to get the IP to SGT mapping deployment status.\nDeploy Status will show last Deploy command output. The information will be saved until the next Deploy command\n","description_kind":"markdown"}},"ciscoise_sg_mapping_group":{"version":0,"block":{"attributes":{"filter":{"type":["list","string"],"description":"filter query parameter. \n\n**Simple filtering** should be available through the filter query string parameter. The structure of a filter is\na triplet of field operator and value separated with dots. More than one filter can be sent. The logical operator\ncommon to ALL filter criteria will be by default AND, and can be changed by using the \"filterType=or\" query\nstring parameter. Each resource Data model description should specify if an attribute is a filtered field.\n\n\n\n              Operator    | Description \n\n              ------------|----------------\n\n              EQ          | Equals \n\n              NEQ         | Not Equals \n\n              GT          | Greater Than \n\n              LT          | Less Then \n\n              STARTSW     | Starts With \n\n              NSTARTSW    | Not Starts With \n\n              ENDSW       | Ends With \n\n              NENDSW      | Not Ends With \n\n              CONTAINS\t  | Contains \n\n              NCONTAINS\t  | Not Contains \n\n","description_kind":"markdown","optional":true},"filter_type":{"type":"string","description":"filterType query parameter. The logical operator common to ALL filter criteria will be by default AND, and can be changed by using the parameter","description_kind":"markdown","optional":true},"id":{"type":"string","description":"id path parameter.","description_kind":"markdown","optional":true},"item":{"type":["list",["object",{"deploy_to":"string","deploy_type":"string","link":["list",["object",{"href":"string","rel":"string","type":"string"}]],"name":"string","sgt":"string"}]],"description_kind":"plain","computed":true},"items":{"type":["list",["object",{"id":"string","link":["list",["object",{"href":"string","rel":"string","type":"string"}]],"name":"string"}]],"description_kind":"plain","computed":true},"page":{"type":"number","description":"page query parameter. Page number","description_kind":"markdown","optional":true},"size":{"type":"number","description":"size query parameter. Number of objects returned per page","description_kind":"markdown","optional":true},"sortasc":{"type":"string","description":"sortasc query parameter. sort asc","description_kind":"markdown","optional":true},"sortdsc":{"type":"string","description":"sortdsc query parameter. sort desc","description_kind":"markdown","optional":true}},"description":"It performs read operation on IPToSGTMappingGroup.\n\n- This data source allows the client to get an IP to SGT mapping group by ID.\n\n- This data source allows the client to get all the IP to SGT mapping groups.\n\nFilter:\n\n[name, sgtName]\n\nSorting:\n\n[name, sgtName]\n","description_kind":"markdown"}},"ciscoise_sg_mapping_group_bulk_monitor_status":{"version":0,"block":{"attributes":{"bulkid":{"type":"string","description":"bulkid path parameter.","description_kind":"markdown","required":true},"id":{"type":"string","description_kind":"plain","optional":true,"computed":true},"item":{"type":["list",["object",{"bulk_id":"string","execution_status":"string","fail_count":"number","media_type":"string","operation_type":"string","resources_count":"number","resources_status":["list",["object",{"description":"string","id":"string","name":"string","resource_execution_status":"string","status":"string"}]],"start_time":"string","success_count":"number"}]],"description_kind":"plain","computed":true}},"description":"It performs read operation on IPToSGTMappingGroup.\n\n- This data source allows the client to monitor the bulk request.\n","description_kind":"markdown"}},"ciscoise_sg_mapping_group_bulk_request":{"version":0,"block":{"attributes":{"id":{"type":"string","description_kind":"plain","optional":true,"computed":true},"item":{"type":"string","description_kind":"plain","computed":true},"operation_type":{"type":"string","description_kind":"plain","optional":true},"resource_media_type":{"type":"string","description_kind":"plain","optional":true}},"description":"It performs update operation on IPToSGTMappingGroup.\n\n- This data source action allows the client to submit the bulk request.\n","description_kind":"markdown"}},"ciscoise_sg_mapping_group_deploy":{"version":0,"block":{"attributes":{"id":{"type":"string","description":"id path parameter.","description_kind":"markdown","required":true},"item":{"type":"string","description_kind":"plain","computed":true}},"description":"It performs update operation on IPToSGTMappingGroup.\n\n- This data source action allows the client to deploy an IP to SGT mapping group by ID.\nOnly one Deploy process can run at any given time\n","description_kind":"markdown"}},"ciscoise_sg_mapping_group_deploy_all":{"version":0,"block":{"attributes":{"id":{"type":"string","description_kind":"plain","optional":true,"computed":true},"item":{"type":"string","description_kind":"plain","computed":true}},"description":"It performs update operation on IPToSGTMappingGroup.\n\n- This data source action allows the client to deploy all the IP to SGT mapping groups.\nOnly one Deploy process can run at any given time\n","description_kind":"markdown"}},"ciscoise_sg_mapping_group_deploy_status_info":{"version":0,"block":{"attributes":{"id":{"type":"string","description_kind":"plain","optional":true,"computed":true},"item":{"type":["list",["object",{"result_value":["list",["object",{"name":"string","value":"string"}]]}]],"description_kind":"plain","computed":true}},"description":"It performs update operation on IPToSGTMappingGroup.\n\n- This data source action allows the client to get the IP to SGT mapping group deployment status.\nDeploy Status will show last Deploy command output. The information will be saved until the next Deploy command\n","description_kind":"markdown"}},"ciscoise_sg_to_vn_to_vlan":{"version":0,"block":{"attributes":{"filter":{"type":["list","string"],"description":"filter query parameter. \n\n**Simple filtering** should be available through the filter query string parameter. The structure of a filter is\na triplet of field operator and value separated with dots. More than one filter can be sent. The logical operator\ncommon to ALL filter criteria will be by default AND, and can be changed by using the \"filterType=or\" query\nstring parameter. Each resource Data model description should specify if an attribute is a filtered field.\n\n\n\n              Operator    | Description \n\n              ------------|----------------\n\n              EQ          | Equals \n\n              NEQ         | Not Equals \n\n              GT          | Greater Than \n\n              LT          | Less Then \n\n              STARTSW     | Starts With \n\n              NSTARTSW    | Not Starts With \n\n              ENDSW       | Ends With \n\n              NENDSW      | Not Ends With \n\n              CONTAINS\t  | Contains \n\n              NCONTAINS\t  | Not Contains \n\n","description_kind":"markdown","optional":true},"filter_type":{"type":"string","description":"filterType query parameter. The logical operator common to ALL filter criteria will be by default AND, and can be changed by using the parameter","description_kind":"markdown","optional":true},"id":{"type":"string","description":"id path parameter.","description_kind":"markdown","optional":true},"item":{"type":["list",["object",{"description":"string","id":"string","link":["list",["object",{"href":"string","rel":"string","type":"string"}]],"name":"string","sgt_id":"string","virtualnetworklist":["list",["object",{"default_virtual_network":"string","description":"string","id":"string","name":"string","vlans":["list",["object",{"data":"string","default_vlan":"string","description":"string","id":"string","max_value":"number","name":"string"}]]}]]}]],"description_kind":"plain","computed":true},"items":{"type":["list",["object",{"description":"string","id":"string","link":["list",["object",{"href":"string","rel":"string","type":"string"}]],"name":"string"}]],"description_kind":"plain","computed":true},"page":{"type":"number","description":"page query parameter. Page number","description_kind":"markdown","optional":true},"size":{"type":"number","description":"size query parameter. Number of objects returned per page","description_kind":"markdown","optional":true}},"description":"It performs read operation on SecurityGroupToVirtualNetwork.\n\n- This data source allows the client to get a security group to virtual network by ID.\n\n- This data source allows the client to get all the security group ACL to virtual networks.\n\nFilter:\n\n[sgtId]\n\n","description_kind":"markdown"}},"ciscoise_sg_to_vn_to_vlan_bulk_monitor_status":{"version":0,"block":{"attributes":{"bulkid":{"type":"string","description":"bulkid path parameter.","description_kind":"markdown","required":true},"id":{"type":"string","description_kind":"plain","optional":true,"computed":true},"item":{"type":["list",["object",{"bulk_id":"string","execution_status":"string","fail_count":"number","media_type":"string","operation_type":"string","resources_count":"number","resources_status":["list",["object",{"description":"string","id":"string","name":"string","resource_execution_status":"string","status":"string"}]],"start_time":"string","success_count":"number"}]],"description_kind":"plain","computed":true}},"description":"It performs read operation on SecurityGroupToVirtualNetwork.\n\n- This data source allows the client to monitor the bulk request.\n","description_kind":"markdown"}},"ciscoise_sg_to_vn_to_vlan_bulk_request":{"version":0,"block":{"attributes":{"id":{"type":"string","description_kind":"plain","optional":true,"computed":true},"item":{"type":"string","description_kind":"plain","computed":true},"operation_type":{"type":"string","description_kind":"plain","optional":true},"resource_media_type":{"type":"string","description_kind":"plain","optional":true}},"description":"It performs update operation on SecurityGroupToVirtualNetwork.\n\n- This data source action allows the client to submit the bulk request.\n","description_kind":"markdown"}},"ciscoise_sgt":{"version":0,"block":{"attributes":{"filter":{"type":["list","string"],"description":"filter query parameter. \n\n**Simple filtering** should be available through the filter query string parameter. The structure of a filter is\na triplet of field operator and value separated with dots. More than one filter can be sent. The logical operator\ncommon to ALL filter criteria will be by default AND, and can be changed by using the \"filterType=or\" query\nstring parameter. Each resource Data model description should specify if an attribute is a filtered field.\n\n\n\n              Operator    | Description \n\n              ------------|----------------\n\n              EQ          | Equals \n\n              NEQ         | Not Equals \n\n              GT          | Greater Than \n\n              LT          | Less Then \n\n              STARTSW     | Starts With \n\n              NSTARTSW    | Not Starts With \n\n              ENDSW       | Ends With \n\n              NENDSW      | Not Ends With \n\n              CONTAINS\t  | Contains \n\n              NCONTAINS\t  | Not Contains \n\n","description_kind":"markdown","optional":true},"filter_type":{"type":"string","description":"filterType query parameter. The logical operator common to ALL filter criteria will be by default AND, and can be changed by using the parameter","description_kind":"markdown","optional":true},"id":{"type":"string","description":"id path parameter.","description_kind":"markdown","optional":true},"item":{"type":["list",["object",{"default_sgacls":["list","string"],"description":"string","generation_id":"string","id":"string","is_read_only":"string","link":["list",["object",{"href":"string","rel":"string","type":"string"}]],"name":"string","propogate_to_apic":"string","value":"number"}]],"description_kind":"plain","computed":true},"items":{"type":["list",["object",{"description":"string","id":"string","link":["list",["object",{"href":"string","rel":"string","type":"string"}]],"name":"string"}]],"description_kind":"plain","computed":true},"page":{"type":"number","description":"page query parameter. Page number","description_kind":"markdown","optional":true},"size":{"type":"number","description":"size query parameter. Number of objects returned per page","description_kind":"markdown","optional":true},"sortasc":{"type":"string","description":"sortasc query parameter. sort asc","description_kind":"markdown","optional":true},"sortdsc":{"type":"string","description":"sortdsc query parameter. sort desc","description_kind":"markdown","optional":true}},"description":"It performs read operation on SecurityGroups.\n\n- This data source allows the client to get a security group by ID.\n\n- This data source allows the client to get all the security groups.\n\nFilter:\n\n[propogateToApic, name, description, value]\n\nSorting:\n\n[name, description, value]\n","description_kind":"markdown"}},"ciscoise_sgt_bulk_monitor_status":{"version":0,"block":{"attributes":{"bulkid":{"type":"string","description":"bulkid path parameter.","description_kind":"markdown","required":true},"id":{"type":"string","description_kind":"plain","optional":true,"computed":true},"item":{"type":["list",["object",{"bulk_id":"string","execution_status":"string","fail_count":"number","media_type":"string","operation_type":"string","resources_count":"number","resources_status":["list",["object",{"description":"string","id":"string","name":"string","resource_execution_status":"string","status":"string"}]],"start_time":"string","success_count":"number"}]],"description_kind":"plain","computed":true}},"description":"It performs read operation on SecurityGroups.\n\n- This data source allows the client to monitor the bulk request.\n","description_kind":"markdown"}},"ciscoise_sgt_bulk_request":{"version":0,"block":{"attributes":{"id":{"type":"string","description_kind":"plain","optional":true,"computed":true},"item":{"type":"string","description_kind":"plain","computed":true},"operation_type":{"type":"string","description_kind":"plain","optional":true},"resource_media_type":{"type":"string","description_kind":"plain","optional":true}},"description":"It performs update operation on SecurityGroups.\n\n- This data source action allows the client to submit the bulk request.\n","description_kind":"markdown"}},"ciscoise_sms_provider":{"version":0,"block":{"attributes":{"filter":{"type":["list","string"],"description":"filter query parameter. \n\n**Simple filtering** should be available through the filter query string parameter. The structure of a filter is\na triplet of field operator and value separated with dots. More than one filter can be sent. The logical operator\ncommon to ALL filter criteria will be by default AND, and can be changed by using the \"filterType=or\" query\nstring parameter. Each resource Data model description should specify if an attribute is a filtered field.\n\n\n\n              Operator    | Description \n\n              ------------|----------------\n\n              EQ          | Equals \n\n              NEQ         | Not Equals \n\n              GT          | Greater Than \n\n              LT          | Less Then \n\n              STARTSW     | Starts With \n\n              NSTARTSW    | Not Starts With \n\n              ENDSW       | Ends With \n\n              NENDSW      | Not Ends With \n\n              CONTAINS\t  | Contains \n\n              NCONTAINS\t  | Not Contains \n\n","description_kind":"markdown","optional":true},"filter_type":{"type":"string","description":"filterType query parameter. The logical operator common to ALL filter criteria will be by default AND, and can be changed by using the parameter","description_kind":"markdown","optional":true},"id":{"type":"string","description_kind":"plain","optional":true,"computed":true},"items":{"type":["list",["object",{"id":"string","link":["list",["object",{"href":"string","rel":"string","type":"string"}]],"name":"string"}]],"description_kind":"plain","computed":true},"page":{"type":"number","description":"page query parameter. Page number","description_kind":"markdown","optional":true},"size":{"type":"number","description":"size query parameter. Number of objects returned per page","description_kind":"markdown","optional":true},"sortasc":{"type":"string","description":"sortasc query parameter. sort asc","description_kind":"markdown","optional":true},"sortdsc":{"type":"string","description":"sortdsc query parameter. sort desc","description_kind":"markdown","optional":true}},"description":"It performs read operation on SMSProvider.\n\n- This data source allows the client to get all the SMS providers.\n\nFilter:\n\n[name]\n\nSorting:\n\n[name, description]\n","description_kind":"markdown"}},"ciscoise_sponsor_group":{"version":0,"block":{"attributes":{"filter":{"type":["list","string"],"description":"filter query parameter. \n\n**Simple filtering** should be available through the filter query string parameter. The structure of a filter is\na triplet of field operator and value separated with dots. More than one filter can be sent. The logical operator\ncommon to ALL filter criteria will be by default AND, and can be changed by using the \"filterType=or\" query\nstring parameter. Each resource Data model description should specify if an attribute is a filtered field.\n\n\n\n              Operator    | Description \n\n              ------------|----------------\n\n              EQ          | Equals \n\n              NEQ         | Not Equals \n\n              GT          | Greater Than \n\n              LT          | Less Then \n\n              STARTSW     | Starts With \n\n              NSTARTSW    | Not Starts With \n\n              ENDSW       | Ends With \n\n              NENDSW      | Not Ends With \n\n              CONTAINS\t  | Contains \n\n              NCONTAINS\t  | Not Contains \n\n","description_kind":"markdown","optional":true},"filter_type":{"type":"string","description":"filterType query parameter. The logical operator common to ALL filter criteria will be by default AND, and can be changed by using the parameter","description_kind":"markdown","optional":true},"id":{"type":"string","description":"id path parameter.","description_kind":"markdown","optional":true},"item":{"type":["list",["object",{"auto_notification":"string","create_permissions":["list",["object",{"can_create_random_accounts":"string","can_import_multiple_accounts":"string","can_set_future_start_date":"string","can_specify_username_prefix":"string","default_username_prefix":"string","import_batch_size_limit":"number","random_batch_size_limit":"number","start_date_future_limit_days":"number"}]],"description":"string","guest_types":["list","string"],"id":"string","is_default_group":"string","is_enabled":"string","link":["list",["object",{"href":"string","rel":"string","type":"string"}]],"locations":["list","string"],"manage_permission":"string","member_groups":["list","string"],"name":"string","other_permissions":["list",["object",{"can_access_via_rest":"string","can_approve_selfreg_guests":"string","can_delete_guest_accounts":"string","can_extend_guest_accounts":"string","can_reinstate_suspended_accounts":"string","can_reset_guest_passwords":"string","can_send_sms_notifications":"string","can_suspend_guest_accounts":"string","can_update_guest_contact_info":"string","can_view_guest_passwords":"string","limit_approval_to_sponsors_guests":"string","require_suspension_reason":"string"}]]}]],"description_kind":"plain","computed":true},"items":{"type":["list",["object",{"description":"string","id":"string","link":["list",["object",{"href":"string","rel":"string","type":"string"}]],"name":"string"}]],"description_kind":"plain","computed":true},"page":{"type":"number","description":"page query parameter. Page number","description_kind":"markdown","optional":true},"size":{"type":"number","description":"size query parameter. Number of objects returned per page","description_kind":"markdown","optional":true},"sortasc":{"type":"string","description":"sortasc query parameter. sort asc","description_kind":"markdown","optional":true},"sortdsc":{"type":"string","description":"sortdsc query parameter. sort desc","description_kind":"markdown","optional":true}},"description":"It performs read operation on SponsorGroup.\n\n- This data source allows the client to get a sponsor group by ID.\n\n- This data source allows the client to get all the sponsor groups.\n\nFilter:\n\n[name]\n\nSorting:\n\n[name, description]\n","description_kind":"markdown"}},"ciscoise_sponsor_group_member":{"version":0,"block":{"attributes":{"filter":{"type":["list","string"],"description":"filter query parameter. \n\n**Simple filtering** should be available through the filter query string parameter. The structure of a filter is\na triplet of field operator and value separated with dots. More than one filter can be sent. The logical operator\ncommon to ALL filter criteria will be by default AND, and can be changed by using the \"filterType=or\" query\nstring parameter. Each resource Data model description should specify if an attribute is a filtered field.\n\n\n\n              Operator    | Description \n\n              ------------|----------------\n\n              EQ          | Equals \n\n              NEQ         | Not Equals \n\n              GT          | Greater Than \n\n              LT          | Less Then \n\n              STARTSW     | Starts With \n\n              NSTARTSW    | Not Starts With \n\n              ENDSW       | Ends With \n\n              NENDSW      | Not Ends With \n\n              CONTAINS\t  | Contains \n\n              NCONTAINS\t  | Not Contains \n\n","description_kind":"markdown","optional":true},"filter_type":{"type":"string","description":"filterType query parameter. The logical operator common to ALL filter criteria will be by default AND, and can be changed by using the parameter","description_kind":"markdown","optional":true},"id":{"type":"string","description_kind":"plain","optional":true,"computed":true},"items":{"type":["list",["object",{"id":"string","link":["list",["object",{"href":"string","rel":"string","type":"string"}]],"name":"string"}]],"description_kind":"plain","computed":true},"page":{"type":"number","description":"page query parameter. Page number","description_kind":"markdown","optional":true},"size":{"type":"number","description":"size query parameter. Number of objects returned per page","description_kind":"markdown","optional":true},"sortasc":{"type":"string","description":"sortasc query parameter. sort asc","description_kind":"markdown","optional":true},"sortdsc":{"type":"string","description":"sortdsc query parameter. sort desc","description_kind":"markdown","optional":true}},"description":"It performs read operation on SponsorGroupMember.\n\n- This data source allows the client to get all the sponsor group members.\n\nFilter:\n\n[name]\n\nSorting:\n\n[name, description]\n","description_kind":"markdown"}},"ciscoise_sponsor_portal":{"version":0,"block":{"attributes":{"filter":{"type":["list","string"],"description":"filter query parameter. \n\n**Simple filtering** should be available through the filter query string parameter. The structure of a filter is\na triplet of field operator and value separated with dots. More than one filter can be sent. The logical operator\ncommon to ALL filter criteria will be by default AND, and can be changed by using the \"filterType=or\" query\nstring parameter. Each resource Data model description should specify if an attribute is a filtered field.\n\n\n\n              Operator    | Description \n\n              ------------|----------------\n\n              EQ          | Equals \n\n              NEQ         | Not Equals \n\n              GT          | Greater Than \n\n              LT          | Less Then \n\n              STARTSW     | Starts With \n\n              NSTARTSW    | Not Starts With \n\n              ENDSW       | Ends With \n\n              NENDSW      | Not Ends With \n\n              CONTAINS\t  | Contains \n\n              NCONTAINS\t  | Not Contains \n\n","description_kind":"markdown","optional":true},"filter_type":{"type":"string","description":"filterType query parameter. The logical operator common to ALL filter criteria will be by default AND, and can be changed by using the parameter","description_kind":"markdown","optional":true},"id":{"type":"string","description":"id path parameter.","description_kind":"markdown","optional":true},"item":{"type":["list",["object",{"customizations":["list",["object",{"global_customizations":["list",["object",{"background_image":["list",["object",{"data":"string"}]],"banner_image":["list",["object",{"data":"string"}]],"banner_title":"string","contact_text":"string","desktop_logo_image":["list",["object",{"data":"string"}]],"footer_element":"string","mobile_logo_image":["list",["object",{"data":"string"}]]}]],"language":["list",["object",{"view_language":"string"}]],"page_customizations":["list",["object",{"data":["list",["object",{"key":"string","value":"string"}]]}]],"portal_theme":["list",["object",{"id":"string","name":"string","theme_data":"string"}]],"portal_tweak_settings":["list",["object",{"banner_color":"string","banner_text_color":"string","page_background_color":"string","page_label_and_text_color":"string"}]]}]],"description":"string","id":"string","link":["list",["object",{"href":"string","rel":"string","type":"string"}]],"name":"string","portal_test_url":"string","portal_type":"string","settings":["list",["object",{"aup_settings":["list",["object",{"display_frequency":"string","display_frequency_interval_days":"number","include_aup":"string","require_scrolling":"string"}]],"login_page_settings":["list",["object",{"aup_display":"string","include_aup":"string","max_failed_attempts_before_rate_limit":"number","require_aup_acceptance":"string","require_aup_scrolling":"string","social_configs":["list","string"],"time_between_logins_during_rate_limit":"number"}]],"portal_settings":["list",["object",{"allowed_interfaces":["list","string"],"authentication_method":"string","available_ssids":["list","string"],"certificate_group_tag":"string","display_lang":"string","fallback_language":"string","fqdn":"string","https_port":"number","idle_timeout":"number"}]],"post_access_banner_settings":["list",["object",{"include_post_access_banner":"string"}]],"post_login_banner_settings":["list",["object",{"include_post_access_banner":"string"}]],"sponsor_change_password_settings":["list",["object",{"allow_sponsor_to_change_pwd":"string"}]],"support_info_settings":["list",["object",{"default_empty_field_value":"string","empty_field_display":"string","include_browser_user_agent":"string","include_failure_code":"string","include_ip_address":"string","include_mac_addr":"string","include_policy_server":"string","include_support_info_page":"string"}]]}]]}]],"description_kind":"plain","computed":true},"items":{"type":["list",["object",{"description":"string","id":"string","link":["list",["object",{"href":"string","rel":"string","type":"string"}]],"name":"string"}]],"description_kind":"plain","computed":true},"page":{"type":"number","description":"page query parameter. Page number","description_kind":"markdown","optional":true},"size":{"type":"number","description":"size query parameter. Number of objects returned per page","description_kind":"markdown","optional":true},"sortasc":{"type":"string","description":"sortasc query parameter. sort asc","description_kind":"markdown","optional":true},"sortdsc":{"type":"string","description":"sortdsc query parameter. sort desc","description_kind":"markdown","optional":true}},"description":"It performs read operation on SponsorPortal.\n\n- This data source allows the client to get a sponsor portal by ID.\n\n- This data source allows the client to get all the sponsor portals.\n\nFilter:\n\n[name, description]\n\nSorting:\n\n[name, description]\n","description_kind":"markdown"}},"ciscoise_sponsored_guest_portal":{"version":0,"block":{"attributes":{"filter":{"type":["list","string"],"description":"filter query parameter. \n\n**Simple filtering** should be available through the filter query string parameter. The structure of a filter is\na triplet of field operator and value separated with dots. More than one filter can be sent. The logical operator\ncommon to ALL filter criteria will be by default AND, and can be changed by using the \"filterType=or\" query\nstring parameter. Each resource Data model description should specify if an attribute is a filtered field.\n\n\n\n              Operator    | Description \n\n              ------------|----------------\n\n              EQ          | Equals \n\n              NEQ         | Not Equals \n\n              GT          | Greater Than \n\n              LT          | Less Then \n\n              STARTSW     | Starts With \n\n              NSTARTSW    | Not Starts With \n\n              ENDSW       | Ends With \n\n              NENDSW      | Not Ends With \n\n              CONTAINS\t  | Contains \n\n              NCONTAINS\t  | Not Contains \n\n","description_kind":"markdown","optional":true},"filter_type":{"type":"string","description":"filterType query parameter. The logical operator common to ALL filter criteria will be by default AND, and can be changed by using the parameter","description_kind":"markdown","optional":true},"id":{"type":"string","description":"id path parameter.","description_kind":"markdown","optional":true},"item":{"type":["list",["object",{"customizations":["list",["object",{"global_customizations":["list",["object",{"background_image":["list",["object",{"data":"string"}]],"banner_image":["list",["object",{"data":"string"}]],"banner_title":"string","contact_text":"string","desktop_logo_image":["list",["object",{"data":"string"}]],"footer_element":"string","mobile_logo_image":["list",["object",{"data":"string"}]]}]],"language":["list",["object",{"view_language":"string"}]],"page_customizations":["list",["object",{"data":["list",["object",{"key":"string","value":"string"}]]}]],"portal_theme":["list",["object",{"id":"string","name":"string","theme_data":"string"}]],"portal_tweak_settings":["list",["object",{"banner_color":"string","banner_text_color":"string","page_background_color":"string","page_label_and_text_color":"string"}]]}]],"description":"string","id":"string","link":["list",["object",{"href":"string","rel":"string","type":"string"}]],"name":"string","portal_test_url":"string","portal_type":"string","settings":["list",["object",{"aup_settings":["list",["object",{"display_frequency":"string","display_frequency_interval_days":"number","include_aup":"string","require_aup_scrolling":"string","require_scrolling":"string","skip_aup_for_employees":"string","use_diff_aup_for_employees":"string"}]],"auth_success_settings":["list",["object",{"redirect_url":"string","success_redirect":"string"}]],"byod_settings":["list",["object",{"byod_registration_settings":["list",["object",{"end_point_identity_group_id":"string","show_device_id":"string"}]],"byod_registration_success_settings":["list",["object",{"redirect_url":"string","success_redirect":"string"}]],"byod_welcome_settings":["list",["object",{"aup_display":"string","enable_byo_d":"string","enable_guest_access":"string","include_aup":"string","require_aup_acceptance":"string","require_mdm":"string","require_scrolling":"string"}]]}]],"guest_change_password_settings":["list",["object",{"allow_change_passwd_at_first_login":"string"}]],"guest_device_registration_settings":["list",["object",{"allow_guests_to_register_devices":"string","auto_register_guest_devices":"string"}]],"login_page_settings":["list",["object",{"access_code":"string","allow_alternate_guest_portal":"string","allow_forgot_password":"string","allow_guest_to_change_password":"string","allow_guest_to_create_accounts":"string","aup_display":"string","include_aup":"string","max_failed_attempts_before_rate_limit":"number","require_access_code":"string","require_aup_acceptance":"string","social_configs":["list",["object",{"social_media_type":"string","social_media_value":"string"}]],"time_between_logins_during_rate_limit":"number"}]],"portal_settings":["list",["object",{"allowed_interfaces":["list","string"],"always_used_language":"string","assigned_guest_type_for_employee":"string","authentication_method":"string","certificate_group_tag":"string","display_lang":"string","fallback_language":"string","https_port":"number"}]],"post_access_banner_settings":["list",["object",{"include_post_access_banner":"string"}]],"post_login_banner_settings":["list",["object",{"include_post_access_banner":"string"}]],"support_info_settings":["list",["object",{"default_empty_field_value":"string","empty_field_display":"string","include_browser_user_agent":"string","include_failure_code":"string","include_ip_address":"string","include_mac_addr":"string","include_policy_server":"string","include_support_info_page":"string"}]]}]]}]],"description_kind":"plain","computed":true},"items":{"type":["list",["object",{"description":"string","id":"string","link":["list",["object",{"href":"string","rel":"string","type":"string"}]],"name":"string"}]],"description_kind":"plain","computed":true},"page":{"type":"number","description":"page query parameter. Page number","description_kind":"markdown","optional":true},"size":{"type":"number","description":"size query parameter. Number of objects returned per page","description_kind":"markdown","optional":true},"sortasc":{"type":"string","description":"sortasc query parameter. sort asc","description_kind":"markdown","optional":true},"sortdsc":{"type":"string","description":"sortdsc query parameter. sort desc","description_kind":"markdown","optional":true}},"description":"It performs read operation on SponsoredGuestPortal.\n\n- This data source allows the client to get a sponsored guest portal by ID.\n\n- This data source allows the client to get all the sponsored guest portals.\n\nFilter:\n\n[name, description]\n\nSorting:\n\n[name, description]\n","description_kind":"markdown"}},"ciscoise_support_bundle":{"version":0,"block":{"attributes":{"description":{"type":"string","description_kind":"plain","optional":true},"host_name":{"type":"string","description":"This parameter is hostName only, xxxx of xxxx.yyy.zz","description_kind":"markdown","optional":true},"id":{"type":"string","description_kind":"plain","optional":true,"computed":true},"item":{"type":"string","description_kind":"plain","computed":true},"name":{"type":"string","description":"Resource Name","description_kind":"markdown","optional":true}},"block_types":{"support_bundle_include_options":{"nesting_mode":"list","block":{"attributes":{"from_date":{"type":"string","description":"Date from where support bundle should include the logs","description_kind":"markdown","optional":true},"include_config_db":{"type":"string","description":"Set to include Config DB in Support Bundle","description_kind":"markdown","optional":true},"include_core_files":{"type":"string","description":"Set to include Core files in Support Bundle","description_kind":"markdown","optional":true},"include_debug_logs":{"type":"string","description":"Set to include Debug logs in Support Bundle","description_kind":"markdown","optional":true},"include_local_logs":{"type":"string","description":"Set to include Local logs in Support Bundle","description_kind":"markdown","optional":true},"include_system_logs":{"type":"string","description":"Set to include System logs in Support Bundle","description_kind":"markdown","optional":true},"mnt_logs":{"type":"string","description":"Set to include Monitoring and troublshooting logs in Support Bundle","description_kind":"markdown","optional":true},"policy_xml":{"type":"string","description":"Set to include Policy XML in Support Bundle","description_kind":"markdown","optional":true},"to_date":{"type":"string","description":"Date upto where support bundle should include the logs","description_kind":"markdown","optional":true}},"description_kind":"plain"}}},"description":"It performs create operation on SupportBundleTriggerConfiguration.\n\n- This data source action allows the client to create a support bundle trigger configuration.\n","description_kind":"markdown"}},"ciscoise_support_bundle_download":{"version":0,"block":{"attributes":{"dirpath":{"type":"string","description":"Directory absolute path in which to save the file.","description_kind":"markdown","required":true},"file_name":{"type":"string","description_kind":"plain","optional":true},"id":{"type":"string","description_kind":"plain","optional":true,"computed":true},"item":{"type":"string","description_kind":"plain","computed":true}},"description":"It performs update operation on SupportBundleDownload.\n\n- This data source action allows the client to upload a support bundle.","description_kind":"markdown"}},"ciscoise_support_bundle_status":{"version":0,"block":{"attributes":{"id":{"type":"string","description":"id path parameter.","description_kind":"markdown","optional":true},"item":{"type":["list",["object",{"description":"string","file_name":"string","file_size":"number","host_name":"string","id":"string","link":["list",["object",{"href":"string","rel":"string","type":"string"}]],"message":"string","name":"string","start_time":"string","status":"string"}]],"description_kind":"plain","computed":true},"items":{"type":["list",["object",{"description":"string","id":"string","link":["list",["object",{"href":"string","rel":"string","type":"string"}]],"name":"string"}]],"description_kind":"plain","computed":true},"page":{"type":"number","description":"page query parameter. Page number","description_kind":"markdown","optional":true},"size":{"type":"number","description":"size query parameter. Number of objects returned per page","description_kind":"markdown","optional":true}},"description":"It performs read operation on SupportBundleStatus.\n\n- This data source allows the client to get a support bundle status by ID.\n\n- This data source allows the client to get all the support bundle status.\n","description_kind":"markdown"}},"ciscoise_sxp_connections":{"version":0,"block":{"attributes":{"filter":{"type":["list","string"],"description":"filter query parameter. \n\n**Simple filtering** should be available through the filter query string parameter. The structure of a filter is\na triplet of field operator and value separated with dots. More than one filter can be sent. The logical operator\ncommon to ALL filter criteria will be by default AND, and can be changed by using the \"filterType=or\" query\nstring parameter. Each resource Data model description should specify if an attribute is a filtered field.\n\n\n\n              Operator    | Description \n\n              ------------|----------------\n\n              EQ          | Equals \n\n              NEQ         | Not Equals \n\n              GT          | Greater Than \n\n              LT          | Less Then \n\n              STARTSW     | Starts With \n\n              NSTARTSW    | Not Starts With \n\n              ENDSW       | Ends With \n\n              NENDSW      | Not Ends With \n\n              CONTAINS\t  | Contains \n\n              NCONTAINS\t  | Not Contains \n\n","description_kind":"markdown","optional":true},"filter_type":{"type":"string","description":"filterType query parameter. The logical operator common to ALL filter criteria will be by default AND, and can be changed by using the parameter","description_kind":"markdown","optional":true},"id":{"type":"string","description":"id path parameter.","description_kind":"markdown","optional":true},"item":{"type":["list",["object",{"description":"string","enabled":"string","id":"string","ip_address":"string","link":["list",["object",{"href":"string","rel":"string","type":"string"}]],"sxp_mode":"string","sxp_node":"string","sxp_peer":"string","sxp_version":"string","sxp_vpn":"string"}]],"description_kind":"plain","computed":true},"items":{"type":["list",["object",{"id":"string","link":["list",["object",{"href":"string","rel":"string","type":"string"}]]}]],"description_kind":"plain","computed":true},"page":{"type":"number","description":"page query parameter. Page number","description_kind":"markdown","optional":true},"size":{"type":"number","description":"size query parameter. Number of objects returned per page","description_kind":"markdown","optional":true},"sortasc":{"type":"string","description":"sortasc query parameter. sort asc","description_kind":"markdown","optional":true},"sortdsc":{"type":"string","description":"sortdsc query parameter. sort desc","description_kind":"markdown","optional":true}},"description":"It performs read operation on SXPConnections.\n\n- This data source allows the client to get a SXP connection by ID.\n\n- This data source allows the client to get all the SXP connections.\n\nFilter:\n\n[name, description]\n\nSorting:\n\n[name, description]\n","description_kind":"markdown"}},"ciscoise_sxp_connections_bulk_monitor_status":{"version":0,"block":{"attributes":{"bulkid":{"type":"string","description":"bulkid path parameter.","description_kind":"markdown","required":true},"id":{"type":"string","description_kind":"plain","optional":true,"computed":true},"item":{"type":["list",["object",{"bulk_id":"string","execution_status":"string","fail_count":"number","media_type":"string","operation_type":"string","resources_count":"number","resources_status":["list",["object",{"description":"string","id":"string","name":"string","resource_execution_status":"string","status":"string"}]],"start_time":"string","success_count":"number"}]],"description_kind":"plain","computed":true}},"description":"It performs read operation on SXPConnections.\n\n- This data source allows the client to monitor the bulk request.\n","description_kind":"markdown"}},"ciscoise_sxp_connections_bulk_request":{"version":0,"block":{"attributes":{"id":{"type":"string","description_kind":"plain","optional":true,"computed":true},"item":{"type":"string","description_kind":"plain","computed":true},"operation_type":{"type":"string","description_kind":"plain","optional":true},"resource_media_type":{"type":"string","description_kind":"plain","optional":true}},"description":"It performs update operation on SXPConnections.\n\n- This data source action allows the client to submit the bulk request.\n","description_kind":"markdown"}},"ciscoise_sxp_local_bindings":{"version":0,"block":{"attributes":{"filter":{"type":["list","string"],"description":"filter query parameter. \n\n**Simple filtering** should be available through the filter query string parameter. The structure of a filter is\na triplet of field operator and value separated with dots. More than one filter can be sent. The logical operator\ncommon to ALL filter criteria will be by default AND, and can be changed by using the \"filterType=or\" query\nstring parameter. Each resource Data model description should specify if an attribute is a filtered field.\n\n\n\n              Operator    | Description \n\n              ------------|----------------\n\n              EQ          | Equals \n\n              NEQ         | Not Equals \n\n              GT          | Greater Than \n\n              LT          | Less Then \n\n              STARTSW     | Starts With \n\n              NSTARTSW    | Not Starts With \n\n              ENDSW       | Ends With \n\n              NENDSW      | Not Ends With \n\n              CONTAINS\t  | Contains \n\n              NCONTAINS\t  | Not Contains \n\n","description_kind":"markdown","optional":true},"filter_type":{"type":"string","description":"filterType query parameter. The logical operator common to ALL filter criteria will be by default AND, and can be changed by using the parameter","description_kind":"markdown","optional":true},"id":{"type":"string","description":"id path parameter.","description_kind":"markdown","optional":true},"item":{"type":["list",["object",{"binding_name":"string","description":"string","id":"string","ip_address_or_host":"string","link":["list",["object",{"href":"string","rel":"string","type":"string"}]],"sgt":"string","sxp_vpn":"string","vns":"string"}]],"description_kind":"plain","computed":true},"items":{"type":["list",["object",{"id":"string","link":["list",["object",{"href":"string","rel":"string","type":"string"}]]}]],"description_kind":"plain","computed":true},"page":{"type":"number","description":"page query parameter. Page number","description_kind":"markdown","optional":true},"size":{"type":"number","description":"size query parameter. Number of objects returned per page","description_kind":"markdown","optional":true},"sortasc":{"type":"string","description":"sortasc query parameter. sort asc","description_kind":"markdown","optional":true},"sortdsc":{"type":"string","description":"sortdsc query parameter. sort desc","description_kind":"markdown","optional":true}},"description":"It performs read operation on SXPLocalBindings.\n\n- This data source allows the client to get a SXP local binding by ID.\n\n- This data source allows the client to get all the SXP local bindings.\n\nFilter:\n\n[name, description]\n\nSorting:\n\n[name, description]\n","description_kind":"markdown"}},"ciscoise_sxp_local_bindings_bulk_monitor_status":{"version":0,"block":{"attributes":{"bulkid":{"type":"string","description":"bulkid path parameter.","description_kind":"markdown","required":true},"id":{"type":"string","description_kind":"plain","optional":true,"computed":true},"item":{"type":["list",["object",{"bulk_id":"string","execution_status":"string","fail_count":"number","media_type":"string","operation_type":"string","resources_count":"number","resources_status":["list",["object",{"description":"string","id":"string","name":"string","resource_execution_status":"string","status":"string"}]],"start_time":"string","success_count":"number"}]],"description_kind":"plain","computed":true}},"description":"It performs read operation on SXPLocalBindings.\n\n- This data source allows the client to monitor the bulk request.\n","description_kind":"markdown"}},"ciscoise_sxp_local_bindings_bulk_request":{"version":0,"block":{"attributes":{"id":{"type":"string","description_kind":"plain","optional":true,"computed":true},"item":{"type":"string","description_kind":"plain","computed":true},"operation_type":{"type":"string","description_kind":"plain","optional":true},"resource_media_type":{"type":"string","description_kind":"plain","optional":true}},"description":"It performs update operation on SXPLocalBindings.\n\n- This data source action allows the client to submit the bulk request.\n","description_kind":"markdown"}},"ciscoise_sxp_vpns":{"version":0,"block":{"attributes":{"filter":{"type":["list","string"],"description":"filter query parameter. \n\n**Simple filtering** should be available through the filter query string parameter. The structure of a filter is\na triplet of field operator and value separated with dots. More than one filter can be sent. The logical operator\ncommon to ALL filter criteria will be by default AND, and can be changed by using the \"filterType=or\" query\nstring parameter. Each resource Data model description should specify if an attribute is a filtered field.\n\n\n\n              Operator    | Description \n\n              ------------|----------------\n\n              EQ          | Equals \n\n              NEQ         | Not Equals \n\n              GT          | Greater Than \n\n              LT          | Less Then \n\n              STARTSW     | Starts With \n\n              NSTARTSW    | Not Starts With \n\n              ENDSW       | Ends With \n\n              NENDSW      | Not Ends With \n\n              CONTAINS\t  | Contains \n\n              NCONTAINS\t  | Not Contains \n\n","description_kind":"markdown","optional":true},"filter_type":{"type":"string","description":"filterType query parameter. The logical operator common to ALL filter criteria will be by default AND, and can be changed by using the parameter","description_kind":"markdown","optional":true},"id":{"type":"string","description":"id path parameter.","description_kind":"markdown","optional":true},"item":{"type":["list",["object",{"id":"string","link":["list",["object",{"href":"string","rel":"string","type":"string"}]],"sxp_vpn_name":"string"}]],"description_kind":"plain","computed":true},"items":{"type":["list",["object",{"id":"string","link":["list",["object",{"href":"string","rel":"string","type":"string"}]]}]],"description_kind":"plain","computed":true},"page":{"type":"number","description":"page query parameter. Page number","description_kind":"markdown","optional":true},"size":{"type":"number","description":"size query parameter. Number of objects returned per page","description_kind":"markdown","optional":true},"sortasc":{"type":"string","description":"sortasc query parameter. sort asc","description_kind":"markdown","optional":true},"sortdsc":{"type":"string","description":"sortdsc query parameter. sort desc","description_kind":"markdown","optional":true}},"description":"It performs read operation on SXPVPNs.\n\n- This data source allows the client to get a SXP VPN by ID.\n\n- This data source allows the client to get all the SXP VPNs.\n\nFilter:\n\n[name, description]\n\nSorting:\n\n[name, description]\n","description_kind":"markdown"}},"ciscoise_sxp_vpns_bulk_monitor_status":{"version":0,"block":{"attributes":{"bulkid":{"type":"string","description":"bulkid path parameter.","description_kind":"markdown","required":true},"id":{"type":"string","description_kind":"plain","optional":true,"computed":true},"item":{"type":["list",["object",{"bulk_id":"string","execution_status":"string","fail_count":"number","media_type":"string","operation_type":"string","resources_count":"number","resources_status":["list",["object",{"description":"string","id":"string","name":"string","resource_execution_status":"string","status":"string"}]],"start_time":"string","success_count":"number"}]],"description_kind":"plain","computed":true}},"description":"It performs read operation on SXPVPNs.\n\n- This data source allows the client to monitor the bulk request.\n","description_kind":"markdown"}},"ciscoise_sxp_vpns_bulk_request":{"version":0,"block":{"attributes":{"id":{"type":"string","description_kind":"plain","optional":true,"computed":true},"item":{"type":"string","description_kind":"plain","computed":true},"operation_type":{"type":"string","description_kind":"plain","optional":true},"resource_media_type":{"type":"string","description_kind":"plain","optional":true}},"description":"It performs update operation on SXPVPNs.\n\n- This data source action allows the client to submit the bulk request.\n","description_kind":"markdown"}},"ciscoise_system_certificate":{"version":0,"block":{"attributes":{"filter":{"type":["list","string"],"description":"filter query parameter. \n \n \n \nSimple filtering\n should be available through the filter query string parameter. The structure of a filter is a triplet of field operator and value separated with dots. More than one filter can be sent. The logical operator common to ALL filter criteria will be by default AND, and can be changed by using the \n\"filterType=or\"\n query string parameter. Each resource Data model description should specify if an attribute is a filtered field. \n ","description_kind":"markdown","optional":true},"filter_type":{"type":"string","description":"filterType query parameter. The logical operator common to ALL filter criteria will be by default AND, and can be changed by using the parameter","description_kind":"markdown","optional":true},"host_name":{"type":"string","description":"hostName path parameter. Name of the host of which system certificates should be returned","description_kind":"markdown","optional":true},"id":{"type":"string","description":"id path parameter. The id of the system certificate","description_kind":"markdown","optional":true},"item":{"type":["list",["object",{"expiration_date":"string","friendly_name":"string","group_tag":"string","id":"string","issued_by":"string","issued_to":"string","key_size":"number","link":["list",["object",{"href":"string","rel":"string","type":"string"}]],"portals_using_the_tag":"string","self_signed":"string","serial_number_decimal_format":"string","sha256_fingerprint":"string","signature_algorithm":"string","used_by":"string","valid_from":"string"}]],"description_kind":"plain","computed":true},"items":{"type":["list",["object",{"expiration_date":"string","friendly_name":"string","group_tag":"string","id":"string","issued_by":"string","issued_to":"string","key_size":"number","link":["list",["object",{"href":"string","rel":"string","type":"string"}]],"portals_using_the_tag":"string","self_signed":"string","serial_number_decimal_format":"string","sha256_fingerprint":"string","signature_algorithm":"string","used_by":"string","valid_from":"string"}]],"description_kind":"plain","computed":true},"page":{"type":"number","description":"page query parameter. Page number","description_kind":"markdown","optional":true},"size":{"type":"number","description":"size query parameter. Number of objects returned per page","description_kind":"markdown","optional":true},"sort":{"type":"string","description":"sort query parameter. sort type asc or desc","description_kind":"markdown","optional":true},"sort_by":{"type":"string","description":"sortBy query parameter. sort column by which objects needs to be sorted","description_kind":"markdown","optional":true}},"description":"It performs read operation on Certificates.\n\n- This data source supports Filtering, Sorting and Pagination.\n\n\nFiltering and Sorting supported on below mentioned attributes:\n\n[friendlyName, issuedTo, issuedBy, validFrom, expirationDate]\n\nSupported Date Format: yyyy-MM-dd HH:mm:ss\n\nSupported Operators: EQ, NEQ, GT and LT\n\n\n- This data source displays details of a System Certificate of a particular node based on a given HostName and ID.\n","description_kind":"markdown"}},"ciscoise_system_certificate_create":{"version":0,"block":{"attributes":{"id":{"type":"string","description_kind":"plain","optional":true,"computed":true},"item":{"type":"string","description_kind":"plain","computed":true},"node_id":{"type":"string","description":"NodeId of Cisco ISE application","description_kind":"markdown","optional":true}},"block_types":{"ers_local_cert_stub":{"nesting_mode":"list","block":{"attributes":{"allow_wildcard_certs":{"type":"string","description_kind":"plain","optional":true},"certificate_policies":{"type":"string","description_kind":"plain","optional":true},"certificate_san_dns":{"type":"string","description_kind":"plain","optional":true},"certificate_san_ip":{"type":"string","description_kind":"plain","optional":true},"certificate_san_uri":{"type":"string","description_kind":"plain","optional":true},"digest":{"type":"string","description_kind":"plain","optional":true},"expiration_ttl":{"type":"number","description_kind":"plain","optional":true},"friendly_name":{"type":"string","description_kind":"plain","optional":true},"group_tag_dd":{"type":"string","description_kind":"plain","optional":true},"key_length":{"type":"string","description_kind":"plain","optional":true},"key_type":{"type":"string","description_kind":"plain","optional":true},"saml_certificate":{"type":"string","description_kind":"plain","optional":true},"selected_expiration_ttl_unit":{"type":"string","description_kind":"plain","optional":true},"xgrid_certificate":{"type":"string","description_kind":"plain","optional":true}},"block_types":{"ers_subject_stub":{"nesting_mode":"list","block":{"attributes":{"common_name":{"type":"string","description_kind":"plain","optional":true},"country_name":{"type":"string","description_kind":"plain","optional":true},"locality_name":{"type":"string","description_kind":"plain","optional":true},"organization_name":{"type":"string","description_kind":"plain","optional":true},"organizational_unit_name":{"type":"string","description_kind":"plain","optional":true},"state_or_province_name":{"type":"string","description_kind":"plain","optional":true}},"description":"Subject data of certificate","description_kind":"markdown"}}},"description":"Inputs for certificate creation","description_kind":"markdown"}}},"description":"It performs create operation on SystemCertificate.\n\n- This data source action allows the client to create a system certificate.\n","description_kind":"markdown"}},"ciscoise_system_certificate_export_info":{"version":0,"block":{"attributes":{"dirpath":{"type":"string","description":"Directory absolute path in which to save the file.","description_kind":"markdown","required":true},"export":{"type":"string","description_kind":"plain","optional":true},"id":{"type":"string","description_kind":"plain","optional":true},"password":{"type":"string","description_kind":"plain","optional":true,"sensitive":true}},"description":"It performs create operation on Certificates.\n\n- Export System Certificate.\n\n","description_kind":"markdown"}},"ciscoise_system_certificate_import":{"version":0,"block":{"attributes":{"admin":{"type":"string","description":"Use certificate to authenticate the ISE Admin Portal","description_kind":"markdown","optional":true},"allow_extended_validity":{"type":"string","description":"Allow import of certificates with validity greater than 398 days","description_kind":"markdown","optional":true},"allow_out_of_date_cert":{"type":"string","description":"Allow out of date certificates (required)","description_kind":"markdown","optional":true},"allow_replacement_of_certificates":{"type":"string","description":"Allow Replacement of certificates (required)","description_kind":"markdown","optional":true},"allow_replacement_of_portal_group_tag":{"type":"string","description":"Allow Replacement of Portal Group Tag (required)","description_kind":"markdown","optional":true},"allow_sha1_certificates":{"type":"string","description":"Allow SHA1 based certificates (required)","description_kind":"markdown","optional":true},"allow_wild_card_certificates":{"type":"string","description":"Allow Wildcard Certificates","description_kind":"markdown","optional":true},"data":{"type":"string","description":"Certificate Content (required)","description_kind":"markdown","optional":true},"eap":{"type":"string","description":"Use certificate for EAP protocols that use SSL/TLS tunneling","description_kind":"markdown","optional":true},"id":{"type":"string","description_kind":"plain","optional":true,"computed":true},"ims":{"type":"string","description":"Use certificate for the ISE Messaging Service","description_kind":"markdown","optional":true},"item":{"type":["list",["object",{"id":"string","message":"string","status":"string"}]],"description_kind":"plain","computed":true},"name":{"type":"string","description":"Name of the certificate","description_kind":"markdown","optional":true},"password":{"type":"string","description":"Certificate Password (required).","description_kind":"markdown","optional":true,"sensitive":true},"portal":{"type":"string","description":"Use for portal","description_kind":"markdown","optional":true},"portal_group_tag":{"type":"string","description":"Set Group tag","description_kind":"markdown","optional":true},"private_key_data":{"type":"string","description":"Private Key data (required)","description_kind":"markdown","optional":true},"pxgrid":{"type":"string","description":"Use certificate for the pxGrid Controller","description_kind":"markdown","optional":true},"radius":{"type":"string","description":"Use certificate for the RADSec server","description_kind":"markdown","optional":true},"saml":{"type":"string","description":"Use certificate for SAML Signing","description_kind":"markdown","optional":true},"validate_certificate_extensions":{"type":"string","description":"Validate Certificate Extensions","description_kind":"markdown","optional":true}},"description":"It performs create operation on Certificates.\n\n- Import an X509 certificate as a system certificate.\n\nNOTE:\nThe certificate may have a validity period longer than 398 days. It may be untrusted by many browsers.\n\nNOTE:\nRequest Parameters accepting True and False as input can be replaced by 1 and 0 respectively.\n\n","description_kind":"markdown"}},"ciscoise_system_config_version":{"version":0,"block":{"attributes":{"id":{"type":"string","description_kind":"plain","optional":true,"computed":true},"item":{"type":["list",["object",{"result_value":["list",["object",{"name":"string","value":"string"}]]}]],"description_kind":"plain","computed":true}},"description":"It performs read operation on VersionAndPatch.\n\n- This data source allows the client to get Cisco ISE version and patch information.\n","description_kind":"markdown"}},"ciscoise_tacacs_command_sets":{"version":0,"block":{"attributes":{"id":{"type":"string","description":"id path parameter.","description_kind":"markdown","optional":true},"item_id":{"type":["list",["object",{"commands":["list",["object",{"command_list":["list",["object",{"arguments":"string","command":"string","grant":"string"}]]}]],"description":"string","id":"string","link":["list",["object",{"href":"string","rel":"string","type":"string"}]],"name":"string","permit_unmatched":"string"}]],"description_kind":"plain","computed":true},"item_name":{"type":["list",["object",{"commands":["list",["object",{"command_list":["list",["object",{"arguments":"string","command":"string","grant":"string"}]]}]],"description":"string","id":"string","link":["list",["object",{"href":"string","rel":"string","type":"string"}]],"name":"string","permit_unmatched":"string"}]],"description_kind":"plain","computed":true},"items":{"type":["list",["object",{"description":"string","id":"string","link":["list",["object",{"href":"string","rel":"string","type":"string"}]],"name":"string"}]],"description_kind":"plain","computed":true},"name":{"type":"string","description":"name path parameter.","description_kind":"markdown","optional":true},"page":{"type":"number","description":"page query parameter. Page number","description_kind":"markdown","optional":true},"size":{"type":"number","description":"size query parameter. Number of objects returned per page","description_kind":"markdown","optional":true}},"description":"It performs read operation on TACACSCommandSets.\n\n- This data source allows the client to get TACACS command sets by name.\n\n- This data source allows the client to get TACACS command sets by ID.\n\n- This data source allows the client to get all the TACACS command sets.\n","description_kind":"markdown"}},"ciscoise_tacacs_external_servers":{"version":0,"block":{"attributes":{"id":{"type":"string","description":"id path parameter.","description_kind":"markdown","optional":true},"item_id":{"type":["list",["object",{"connection_port":"number","description":"string","host_ip":"string","id":"string","link":["list",["object",{"href":"string","rel":"string","type":"string"}]],"name":"string","shared_secret":"string","single_connect":"string","timeout":"number"}]],"description_kind":"plain","computed":true},"item_name":{"type":["list",["object",{"connection_port":"number","description":"string","host_ip":"string","id":"string","link":["list",["object",{"href":"string","rel":"string","type":"string"}]],"name":"string","shared_secret":"string","single_connect":"string","timeout":"number"}]],"description_kind":"plain","computed":true},"items":{"type":["list",["object",{"description":"string","id":"string","link":["list",["object",{"href":"string","rel":"string","type":"string"}]],"name":"string"}]],"description_kind":"plain","computed":true},"name":{"type":"string","description":"name path parameter.","description_kind":"markdown","optional":true},"page":{"type":"number","description":"page query parameter. Page number","description_kind":"markdown","optional":true},"size":{"type":"number","description":"size query parameter. Number of objects returned per page","description_kind":"markdown","optional":true}},"description":"It performs read operation on TACACSExternalServers.\n\n- This data source allows the client to get TACACS external servers by name.\n\n- This data source allows the client to get TACACS external servers by ID.\n\n- This data source allows the client to get all the TACACS external servers.\n","description_kind":"markdown"}},"ciscoise_tacacs_profile":{"version":0,"block":{"attributes":{"id":{"type":"string","description":"id path parameter.","description_kind":"markdown","optional":true},"item_id":{"type":["list",["object",{"description":"string","id":"string","link":["list",["object",{"href":"string","rel":"string","type":"string"}]],"name":"string","session_attributes":["list",["object",{"session_attribute_list":["list",["object",{"name":"string","type":"string","value":"string"}]]}]]}]],"description_kind":"plain","computed":true},"item_name":{"type":["list",["object",{"description":"string","id":"string","link":["list",["object",{"href":"string","rel":"string","type":"string"}]],"name":"string","session_attributes":["list",["object",{"session_attribute_list":["list",["object",{"name":"string","type":"string","value":"string"}]]}]]}]],"description_kind":"plain","computed":true},"items":{"type":["list",["object",{"description":"string","id":"string","link":["list",["object",{"href":"string","rel":"string","type":"string"}]],"name":"string"}]],"description_kind":"plain","computed":true},"name":{"type":"string","description":"name path parameter.","description_kind":"markdown","optional":true},"page":{"type":"number","description":"page query parameter. Page number","description_kind":"markdown","optional":true},"size":{"type":"number","description":"size query parameter. Number of objects returned per page","description_kind":"markdown","optional":true}},"description":"It performs read operation on TACACSProfile.\n\n- This data source allows the client to get a TACACS profile by name.\n\n- This data source allows the client to get a TACACS profile by ID.\n\n- This data source allows the client to get all the TACACS profiles.\n","description_kind":"markdown"}},"ciscoise_tacacs_server_sequence":{"version":0,"block":{"attributes":{"id":{"type":"string","description":"id path parameter.","description_kind":"markdown","optional":true},"item_id":{"type":["list",["object",{"description":"string","id":"string","link":["list",["object",{"href":"string","rel":"string","type":"string"}]],"local_accounting":"string","name":"string","prefix_delimiter":"string","prefix_strip":"string","remote_accounting":"string","server_list":"string","suffix_delimiter":"string","suffix_strip":"string"}]],"description_kind":"plain","computed":true},"item_name":{"type":["list",["object",{"description":"string","id":"string","link":["list",["object",{"href":"string","rel":"string","type":"string"}]],"local_accounting":"string","name":"string","prefix_delimiter":"string","prefix_strip":"string","remote_accounting":"string","server_list":"string","suffix_delimiter":"string","suffix_strip":"string"}]],"description_kind":"plain","computed":true},"items":{"type":["list",["object",{"description":"string","id":"string","link":["list",["object",{"href":"string","rel":"string","type":"string"}]],"name":"string"}]],"description_kind":"plain","computed":true},"name":{"type":"string","description":"name path parameter.","description_kind":"markdown","optional":true},"page":{"type":"number","description":"page query parameter. Page number","description_kind":"markdown","optional":true},"size":{"type":"number","description":"size query parameter. Number of objects returned per page","description_kind":"markdown","optional":true}},"description":"It performs read operation on TacacsServerSequence.\n\n- This data source allows the client to get a TACACS server sequence by name.\n\n- This data source allows the client to get a TACACS server sequence by ID.\n\n- This data source allows the client to get all the TACACS server sequences.\n","description_kind":"markdown"}},"ciscoise_tasks":{"version":0,"block":{"attributes":{"id":{"type":"string","description_kind":"plain","optional":true,"computed":true},"item":{"type":["list",["object",{"detail_status":["list","string"],"execution_status":"string","fail_count":"number","id":"string","module_type":"string","resources_count":"number","start_time":"string","success_count":"number"}]],"description_kind":"plain","computed":true},"items":{"type":["list",["object",{"detail_status":["list","string"],"execution_status":"string","fail_count":"number","id":"string","module_type":"string","resources_count":"number","start_time":"string","success_count":"number"}]],"description_kind":"plain","computed":true},"task_id":{"type":"string","description":"taskId path parameter. The id of the task executed before","description_kind":"markdown","optional":true}},"description":"It performs read operation on tasks.\n\n- get all task status\n\n- Monitor task status\n","description_kind":"markdown"}},"ciscoise_telemetry_info":{"version":0,"block":{"attributes":{"filter":{"type":["list","string"],"description":"filter query parameter. \n\n**Simple filtering** should be available through the filter query string parameter. The structure of a filter is\na triplet of field operator and value separated with dots. More than one filter can be sent. The logical operator\ncommon to ALL filter criteria will be by default AND, and can be changed by using the \"filterType=or\" query\nstring parameter. Each resource Data model description should specify if an attribute is a filtered field.\n\n\n\n              Operator    | Description \n\n              ------------|----------------\n\n              EQ          | Equals \n\n              NEQ         | Not Equals \n\n              GT          | Greater Than \n\n              LT          | Less Then \n\n              STARTSW     | Starts With \n\n              NSTARTSW    | Not Starts With \n\n              ENDSW       | Ends With \n\n              NENDSW      | Not Ends With \n\n              CONTAINS\t  | Contains \n\n              NCONTAINS\t  | Not Contains \n\n","description_kind":"markdown","optional":true},"filter_type":{"type":"string","description":"filterType query parameter. The logical operator common to ALL filter criteria will be by default AND, and can be changed by using the parameter","description_kind":"markdown","optional":true},"id":{"type":"string","description":"id path parameter.","description_kind":"markdown","optional":true},"item":{"type":["list",["object",{"deployment_id":"string","id":"string","link":["list",["object",{"href":"string","rel":"string","type":"string"}]],"status":"string","udi_sn":"string"}]],"description_kind":"plain","computed":true},"items":{"type":["list",["object",{"id":"string","link":["list",["object",{"href":"string","rel":"string","type":"string"}]]}]],"description_kind":"plain","computed":true},"page":{"type":"number","description":"page query parameter. Page number","description_kind":"markdown","optional":true},"size":{"type":"number","description":"size query parameter. Number of objects returned per page","description_kind":"markdown","optional":true}},"description":"It performs read operation on TelemetryInformation.\n\n- This data source allows the client to get telemetry information by ID.\n\n- This data source allows the client to get all the telemetry information.\n\nFilter:\n\n[deploymentId]\n\n","description_kind":"markdown"}},"ciscoise_threat_vulnerabilities_clear":{"version":0,"block":{"attributes":{"id":{"type":"string","description_kind":"plain","optional":true,"computed":true},"item":{"type":"string","description_kind":"plain","computed":true},"mac_addresses":{"type":"string","description_kind":"plain","optional":true}},"description":"It performs update operation on ClearThreatsAndVulnerabilities.\n\n- This data source action allows the client to delete the ThreatContext and Threat events that are associated with the\ngiven MAC Address.\n","description_kind":"markdown"}},"ciscoise_trusted_certificate":{"version":0,"block":{"attributes":{"filter":{"type":["list","string"],"description":"filter query parameter. \n \n \n \nSimple filtering\n should be available through the filter query string parameter. The structure of a filter is a triplet of field operator and value separated with dots. More than one filter can be sent. The logical operator common to ALL filter criteria will be by default AND, and can be changed by using the \n\"filterType=or\"\n query string parameter. Each resource Data model description should specify if an attribute is a filtered field. \n ","description_kind":"markdown","optional":true},"filter_type":{"type":"string","description":"filterType query parameter. The logical operator common to ALL filter criteria will be by default AND, and can be changed by using the parameter","description_kind":"markdown","optional":true},"id":{"type":"string","description":"id path parameter. The id of the trust certificate","description_kind":"markdown","optional":true},"item":{"type":["list",["object",{"authenticate_before_crl_received":"string","automatic_crl_update":"string","automatic_crl_update_period":"string","automatic_crl_update_units":"string","crl_distribution_url":"string","crl_download_failure_retries":"string","crl_download_failure_retries_units":"string","description":"string","download_crl":"string","enable_ocsp_validation":"string","enable_server_identity_check":"string","expiration_date":"string","friendly_name":"string","id":"string","ignore_crl_expiration":"string","internal_ca":"string","is_referred_in_policy":"string","issued_by":"string","issued_to":"string","key_size":"string","link":["list",["object",{"href":"string","rel":"string","type":"string"}]],"non_automatic_crl_update_period":"string","non_automatic_crl_update_units":"string","reject_if_no_status_from_ocs_p":"string","reject_if_unreachable_from_ocs_p":"string","selected_ocsp_service":"string","serial_number_decimal_format":"string","sha256_fingerprint":"string","signature_algorithm":"string","status":"string","subject":"string","trusted_for":"string","valid_from":"string"}]],"description_kind":"plain","computed":true},"items":{"type":["list",["object",{"authenticate_before_crl_received":"string","automatic_crl_update":"string","automatic_crl_update_period":"string","automatic_crl_update_units":"string","crl_distribution_url":"string","crl_download_failure_retries":"string","crl_download_failure_retries_units":"string","description":"string","download_crl":"string","enable_ocsp_validation":"string","enable_server_identity_check":"string","expiration_date":"string","friendly_name":"string","id":"string","ignore_crl_expiration":"string","internal_ca":"string","is_referred_in_policy":"string","issued_by":"string","issued_to":"string","key_size":"string","link":["list",["object",{"href":"string","rel":"string","type":"string"}]],"non_automatic_crl_update_period":"string","non_automatic_crl_update_units":"string","reject_if_no_status_from_ocs_p":"string","reject_if_unreachable_from_ocs_p":"string","selected_ocsp_service":"string","serial_number_decimal_format":"string","sha256_fingerprint":"string","signature_algorithm":"string","status":"string","subject":"string","trusted_for":"string","valid_from":"string"}]],"description_kind":"plain","computed":true},"page":{"type":"number","description":"page query parameter. Page number","description_kind":"markdown","optional":true},"size":{"type":"number","description":"size query parameter. Number of objects returned per page","description_kind":"markdown","optional":true},"sort":{"type":"string","description":"sort query parameter. sort type asc or desc","description_kind":"markdown","optional":true},"sort_by":{"type":"string","description":"sortBy query parameter. sort column by which objects needs to be sorted","description_kind":"markdown","optional":true}},"description":"It performs read operation on Certificates.\n\n- This data source supports Filtering, Sorting and Pagination.\n\n\nFiltering and Sorting supported on below mentioned attributes:\n\n\n\t* [friendlyName, subject, issuedTo, issuedBy, validFrom, expirationDate]\n\nSupported Date Format: yyyy-MM-dd HH:mm:ss\n\nSupported Operators: EQ, NEQ, GT and LT\n\n\n\t* [status]\n\nAllowed values: enabled, disabled\n\nSupported Operators: EQ, NEQ\n\n\n- This data source can displays details of a Trust Certificate based on a given ID.\n","description_kind":"markdown"}},"ciscoise_trusted_certificate_export":{"version":0,"block":{"attributes":{"dirpath":{"type":"string","description":"Directory absolute path in which to save the file.","description_kind":"markdown","required":true},"id":{"type":"string","description":"id path parameter. The ID of the Trusted Certificate to be exported.","description_kind":"markdown","required":true}},"description":"It performs read operation on Certificates.\n\n- The response of this API carries a trusted certificate file mapped to the requested id\n","description_kind":"markdown"}},"ciscoise_trusted_certificate_import":{"version":0,"block":{"attributes":{"allow_basic_constraint_cafalse":{"type":"string","description":"Allow Certificates with Basic Constraints CA Field as False (required)","description_kind":"markdown","optional":true},"allow_out_of_date_cert":{"type":"string","description":"Allow out of date certificates (required)","description_kind":"markdown","optional":true},"allow_sha1_certificates":{"type":"string","description":"Allow SHA1 based certificates (required)","description_kind":"markdown","optional":true},"data":{"type":"string","description":"Certificate content (required)","description_kind":"markdown","optional":true},"description":{"type":"string","description":"Description of the certificate","description_kind":"markdown","optional":true},"id":{"type":"string","description_kind":"plain","optional":true,"computed":true},"item":{"type":["list",["object",{"id":"string","message":"string","status":"string"}]],"description_kind":"plain","computed":true},"name":{"type":"string","description":"Name of the certificate","description_kind":"markdown","optional":true},"trust_for_certificate_based_admin_auth":{"type":"string","description":"Trust for Certificate based Admin authentication","description_kind":"markdown","optional":true},"trust_for_cisco_services_auth":{"type":"string","description":"Trust for authentication of Cisco Services","description_kind":"markdown","optional":true},"trust_for_client_auth":{"type":"string","description":"Trust for client authentication and Syslog","description_kind":"markdown","optional":true},"trust_for_ise_auth":{"type":"string","description":"Trust for authentication within ISE","description_kind":"markdown","optional":true},"validate_certificate_extensions":{"type":"string","description":"Validate trust certificate extension","description_kind":"markdown","optional":true}},"description":"It performs create operation on Certificates.\n\n- Import an X509 certificate as a trust certificate.\n\nNOTE:\nRequest Parameters accepting True and False as input can be replaced by 1 and 0 respectively.\n\n","description_kind":"markdown"}}}}}}
