{"format_version":"0.2","provider_schemas":{"registry.terraform.io/cisco-en-programmability/dnacenter":{"provider":{"version":0,"block":{"attributes":{"base_url":{"type":"string","description_kind":"plain","optional":true},"debug":{"type":"string","description_kind":"plain","optional":true,"sensitive":true},"password":{"type":"string","description_kind":"plain","optional":true,"sensitive":true},"ssl_verify":{"type":"string","description_kind":"plain","optional":true,"sensitive":true},"username":{"type":"string","description_kind":"plain","optional":true}},"description_kind":"plain"}},"resource_schemas":{"dna_application_set":{"version":0,"block":{"attributes":{"id":{"type":"string","description_kind":"plain","optional":true,"computed":true}},"block_types":{"item":{"nesting_mode":"list","block":{"attributes":{"id":{"type":"string","description_kind":"plain","computed":true},"identity_source":{"type":["list",["object",{"id":"string","type":"string"}]],"description_kind":"plain","computed":true},"name":{"type":"string","description_kind":"plain","required":true}},"description_kind":"plain"},"min_items":1,"max_items":1}},"description_kind":"plain"}},"dna_applications":{"version":0,"block":{"attributes":{"id":{"type":"string","description_kind":"plain","optional":true,"computed":true},"last_updated":{"type":"string","description_kind":"plain","computed":true},"name":{"type":"string","description_kind":"plain","required":true}},"block_types":{"items":{"nesting_mode":"list","block":{"attributes":{"application_id":{"type":"string","description_kind":"plain","computed":true},"application_set_id":{"type":"string","description_kind":"plain","required":true}},"block_types":{"application_network_applications":{"nesting_mode":"list","block":{"attributes":{"app_protocol":{"type":"string","description_kind":"plain","required":true},"application_subtype":{"type":"string","description_kind":"plain","required":true},"application_type":{"type":"string","description_kind":"plain","required":true},"category_id":{"type":"string","description_kind":"plain","required":true},"display_name":{"type":"string","description_kind":"plain","required":true},"dscp":{"type":"string","description_kind":"plain","required":true},"engine_id":{"type":"string","description_kind":"plain","required":true},"help_string":{"type":"string","description_kind":"plain","required":true},"id":{"type":"string","description_kind":"plain","computed":true},"ignore_conflict":{"type":"string","description_kind":"plain","required":true},"long_description":{"type":"string","description_kind":"plain","required":true},"name":{"type":"string","description_kind":"plain","required":true},"popularity":{"type":"number","description_kind":"plain","required":true},"rank":{"type":"number","description_kind":"plain","required":true},"server_name":{"type":"string","description_kind":"plain","required":true},"traffic_class":{"type":"string","description_kind":"plain","required":true},"url":{"type":"string","description_kind":"plain","required":true}},"description_kind":"plain"},"min_items":1},"application_network_identity":{"nesting_mode":"list","block":{"attributes":{"display_name":{"type":"string","description_kind":"plain","required":true},"id":{"type":"string","description_kind":"plain","computed":true},"lower_port":{"type":"number","description_kind":"plain","required":true},"ports":{"type":"string","description_kind":"plain","required":true},"protocol":{"type":"string","description_kind":"plain","required":true},"upper_port":{"type":"number","description_kind":"plain","required":true}},"description_kind":"plain"},"min_items":1}},"description_kind":"plain"},"min_items":1,"max_items":1}},"description_kind":"plain"}},"dna_cli_credential":{"version":0,"block":{"attributes":{"id":{"type":"string","description_kind":"plain","optional":true,"computed":true},"last_updated":{"type":"string","description_kind":"plain","computed":true}},"block_types":{"item":{"nesting_mode":"list","block":{"attributes":{"comments":{"type":"string","description_kind":"plain","optional":true},"credential_type":{"type":"string","description_kind":"plain","optional":true},"description":{"type":"string","description_kind":"plain","optional":true},"enable_password":{"type":"string","description_kind":"plain","optional":true,"sensitive":true},"id":{"type":"string","description_kind":"plain","optional":true},"instance_tenant_id":{"type":"string","description_kind":"plain","optional":true},"instance_uuid":{"type":"string","description_kind":"plain","optional":true},"password":{"type":"string","description_kind":"plain","required":true,"sensitive":true},"username":{"type":"string","description_kind":"plain","required":true}},"description_kind":"plain"},"min_items":1,"max_items":1}},"description_kind":"plain"}},"dna_discovery":{"version":0,"block":{"attributes":{"id":{"type":"string","description_kind":"plain","optional":true,"computed":true},"last_updated":{"type":"string","description_kind":"plain","computed":true}},"block_types":{"item":{"nesting_mode":"list","block":{"attributes":{"cdp_level":{"type":"number","description_kind":"plain","optional":true},"device_ids":{"type":"string","description_kind":"plain","optional":true},"discovery_condition":{"type":"string","description_kind":"plain","optional":true},"discovery_status":{"type":"string","description_kind":"plain","optional":true},"discovery_type":{"type":"string","description_kind":"plain","required":true},"enable_password_list":{"type":["list","string"],"description_kind":"plain","optional":true},"global_credential_id_list":{"type":["list","string"],"description_kind":"plain","optional":true},"id":{"type":"string","description_kind":"plain","optional":true},"ip_address_list":{"type":"string","description_kind":"plain","required":true},"ip_filter_list":{"type":["list","string"],"description_kind":"plain","optional":true},"is_auto_cdp":{"type":"bool","description_kind":"plain","optional":true},"lldp_level":{"type":"number","description_kind":"plain","optional":true},"name":{"type":"string","description_kind":"plain","required":true},"netconf_port":{"type":"string","description_kind":"plain","optional":true},"no_add_new_device":{"type":"bool","description_kind":"plain","optional":true},"num_devices":{"type":"number","description_kind":"plain","optional":true},"parent_discovery_id":{"type":"string","description_kind":"plain","optional":true},"password_list":{"type":["list","string"],"description_kind":"plain","optional":true},"preferred_mgmt_ip_method":{"type":"string","description_kind":"plain","optional":true},"protocol_order":{"type":"string","description_kind":"plain","optional":true},"re_discovery":{"type":"bool","description_kind":"plain","optional":true},"retry":{"type":"number","description_kind":"plain","optional":true},"snmp_auth_passphrase":{"type":"string","description_kind":"plain","optional":true},"snmp_auth_protocol":{"type":"string","description_kind":"plain","optional":true},"snmp_mode":{"type":"string","description_kind":"plain","optional":true},"snmp_priv_passphrase":{"type":"string","description_kind":"plain","optional":true},"snmp_priv_protocol":{"type":"string","description_kind":"plain","optional":true},"snmp_ro_community":{"type":"string","description_kind":"plain","optional":true},"snmp_ro_community_desc":{"type":"string","description_kind":"plain","optional":true},"snmp_rw_community":{"type":"string","description_kind":"plain","optional":true},"snmp_rw_community_desc":{"type":"string","description_kind":"plain","optional":true},"snmp_user_name":{"type":"string","description_kind":"plain","optional":true},"snmp_version":{"type":"string","description_kind":"plain","optional":true},"timeout":{"type":"number","description_kind":"plain","optional":true},"update_mgmt_ip":{"type":"bool","description_kind":"plain","optional":true},"user_name_list":{"type":["list","string"],"description_kind":"plain","optional":true}},"block_types":{"http_read_credential":{"nesting_mode":"list","block":{"attributes":{"comments":{"type":"string","description_kind":"plain","optional":true},"credential_type":{"type":"string","description_kind":"plain","optional":true},"description":{"type":"string","description_kind":"plain","optional":true},"id":{"type":"string","description_kind":"plain","optional":true},"instance_tenant_id":{"type":"string","description_kind":"plain","optional":true},"instance_uuid":{"type":"string","description_kind":"plain","optional":true},"password":{"type":"string","description_kind":"plain","optional":true},"port":{"type":"number","description_kind":"plain","optional":true},"secure":{"type":"bool","description_kind":"plain","optional":true},"username":{"type":"string","description_kind":"plain","optional":true}},"description_kind":"plain"}},"http_write_credential":{"nesting_mode":"list","block":{"attributes":{"comments":{"type":"string","description_kind":"plain","optional":true},"credential_type":{"type":"string","description_kind":"plain","optional":true},"description":{"type":"string","description_kind":"plain","optional":true},"id":{"type":"string","description_kind":"plain","optional":true},"instance_tenant_id":{"type":"string","description_kind":"plain","optional":true},"instance_uuid":{"type":"string","description_kind":"plain","optional":true},"password":{"type":"string","description_kind":"plain","optional":true},"port":{"type":"number","description_kind":"plain","optional":true},"secure":{"type":"bool","description_kind":"plain","optional":true},"username":{"type":"string","description_kind":"plain","optional":true}},"description_kind":"plain"}}},"description_kind":"plain"},"min_items":1,"max_items":1}},"description_kind":"plain"}},"dna_http_read_credential":{"version":0,"block":{"attributes":{"id":{"type":"string","description_kind":"plain","optional":true,"computed":true},"last_updated":{"type":"string","description_kind":"plain","computed":true}},"block_types":{"item":{"nesting_mode":"list","block":{"attributes":{"comments":{"type":"string","description_kind":"plain","optional":true},"credential_type":{"type":"string","description_kind":"plain","optional":true},"description":{"type":"string","description_kind":"plain","optional":true},"id":{"type":"string","description_kind":"plain","optional":true},"instance_tenant_id":{"type":"string","description_kind":"plain","optional":true},"instance_uuid":{"type":"string","description_kind":"plain","optional":true},"password":{"type":"string","description_kind":"plain","required":true,"sensitive":true},"port":{"type":"number","description_kind":"plain","required":true},"secure":{"type":"bool","description_kind":"plain","optional":true},"username":{"type":"string","description_kind":"plain","required":true}},"description_kind":"plain"},"min_items":1,"max_items":1}},"description_kind":"plain"}},"dna_http_write_credential":{"version":0,"block":{"attributes":{"id":{"type":"string","description_kind":"plain","optional":true,"computed":true},"last_updated":{"type":"string","description_kind":"plain","computed":true}},"block_types":{"item":{"nesting_mode":"list","block":{"attributes":{"comments":{"type":"string","description_kind":"plain","optional":true},"credential_type":{"type":"string","description_kind":"plain","optional":true},"description":{"type":"string","description_kind":"plain","optional":true},"id":{"type":"string","description_kind":"plain","optional":true},"instance_tenant_id":{"type":"string","description_kind":"plain","optional":true},"instance_uuid":{"type":"string","description_kind":"plain","optional":true},"password":{"type":"string","description_kind":"plain","required":true,"sensitive":true},"port":{"type":"number","description_kind":"plain","required":true},"secure":{"type":"bool","description_kind":"plain","optional":true},"username":{"type":"string","description_kind":"plain","required":true}},"description_kind":"plain"},"min_items":1,"max_items":1}},"description_kind":"plain"}},"dna_netconf_credential":{"version":0,"block":{"attributes":{"id":{"type":"string","description_kind":"plain","optional":true,"computed":true},"last_updated":{"type":"string","description_kind":"plain","computed":true}},"block_types":{"item":{"nesting_mode":"list","block":{"attributes":{"comments":{"type":"string","description_kind":"plain","optional":true},"credential_type":{"type":"string","description_kind":"plain","optional":true},"description":{"type":"string","description_kind":"plain","optional":true},"id":{"type":"string","description_kind":"plain","optional":true},"instance_tenant_id":{"type":"string","description_kind":"plain","optional":true},"instance_uuid":{"type":"string","description_kind":"plain","optional":true},"netconf_port":{"type":"number","description_kind":"plain","required":true}},"description_kind":"plain"},"min_items":1,"max_items":1}},"description_kind":"plain"}},"dna_network":{"version":0,"block":{"attributes":{"id":{"type":"string","description_kind":"plain","optional":true,"computed":true},"last_updated":{"type":"string","description_kind":"plain","computed":true}},"block_types":{"item":{"nesting_mode":"list","block":{"attributes":{"dhcp_server":{"type":["list","string"],"description_kind":"plain","optional":true,"computed":true},"ntp_server":{"type":["list","string"],"description_kind":"plain","optional":true,"computed":true},"site_id":{"type":"string","description_kind":"plain","required":true},"timezone":{"type":"string","description_kind":"plain","optional":true,"computed":true}},"block_types":{"client_and_endpoint_aaa":{"nesting_mode":"list","block":{"attributes":{"ip_address":{"type":"string","description_kind":"plain","optional":true,"computed":true},"network":{"type":"string","description_kind":"plain","optional":true,"computed":true},"protocol":{"type":"string","description_kind":"plain","optional":true,"computed":true},"servers":{"type":"string","description_kind":"plain","optional":true,"computed":true},"shared_secret":{"type":"string","description_kind":"plain","optional":true,"computed":true}},"description_kind":"plain"}},"dns_server":{"nesting_mode":"list","block":{"attributes":{"domain_name":{"type":"string","description_kind":"plain","optional":true,"computed":true},"primary_ip_address":{"type":"string","description_kind":"plain","optional":true,"computed":true},"secondary_ip_address":{"type":"string","description_kind":"plain","optional":true,"computed":true}},"description_kind":"plain"}},"message_of_theday":{"nesting_mode":"list","block":{"attributes":{"banner_message":{"type":"string","description_kind":"plain","optional":true,"computed":true},"retain_existing_banner":{"type":"bool","description_kind":"plain","optional":true,"computed":true}},"description_kind":"plain"}},"netflowcollector":{"nesting_mode":"list","block":{"attributes":{"ip_address":{"type":"string","description_kind":"plain","optional":true,"computed":true},"port":{"type":"number","description_kind":"plain","optional":true,"computed":true}},"description_kind":"plain"}},"network_aaa":{"nesting_mode":"list","block":{"attributes":{"ip_address":{"type":"string","description_kind":"plain","optional":true,"computed":true},"network":{"type":"string","description_kind":"plain","optional":true,"computed":true},"protocol":{"type":"string","description_kind":"plain","optional":true,"computed":true},"servers":{"type":"string","description_kind":"plain","optional":true,"computed":true},"shared_secret":{"type":"string","description_kind":"plain","optional":true,"computed":true}},"description_kind":"plain"}},"snmp_server":{"nesting_mode":"list","block":{"attributes":{"configure_dnac_ip":{"type":"bool","description_kind":"plain","optional":true,"computed":true},"ip_addresses":{"type":["list","string"],"description_kind":"plain","optional":true,"computed":true}},"description_kind":"plain"}},"syslog_server":{"nesting_mode":"list","block":{"attributes":{"configure_dnac_ip":{"type":"bool","description_kind":"plain","optional":true,"computed":true},"ip_addresses":{"type":["list","string"],"description_kind":"plain","optional":true,"computed":true}},"description_kind":"plain"}}},"description_kind":"plain"},"min_items":1,"max_items":1}},"description_kind":"plain"}},"dna_network_credential_site_assignment":{"version":0,"block":{"attributes":{"id":{"type":"string","description_kind":"plain","optional":true,"computed":true},"last_updated":{"type":"string","description_kind":"plain","computed":true},"site_id":{"type":"string","description_kind":"plain","required":true}},"block_types":{"cli":{"nesting_mode":"list","block":{"attributes":{"comments":{"type":"string","description_kind":"plain","computed":true},"credential_type":{"type":"string","description_kind":"plain","computed":true},"description":{"type":"string","description_kind":"plain","computed":true},"enable_password":{"type":"string","description_kind":"plain","computed":true},"id":{"type":"string","description_kind":"plain","optional":true,"computed":true},"instance_tenant_id":{"type":"string","description_kind":"plain","computed":true},"instance_uuid":{"type":"string","description_kind":"plain","computed":true},"password":{"type":"string","description_kind":"plain","computed":true},"username":{"type":"string","description_kind":"plain","computed":true}},"description_kind":"plain"}},"http_read":{"nesting_mode":"list","block":{"attributes":{"comments":{"type":"string","description_kind":"plain","computed":true},"credential_type":{"type":"string","description_kind":"plain","computed":true},"description":{"type":"string","description_kind":"plain","computed":true},"id":{"type":"string","description_kind":"plain","optional":true,"computed":true},"instance_tenant_id":{"type":"string","description_kind":"plain","computed":true},"instance_uuid":{"type":"string","description_kind":"plain","computed":true},"password":{"type":"string","description_kind":"plain","computed":true},"port":{"type":"number","description_kind":"plain","computed":true},"secure":{"type":"bool","description_kind":"plain","computed":true},"username":{"type":"string","description_kind":"plain","computed":true}},"description_kind":"plain"}},"http_write":{"nesting_mode":"list","block":{"attributes":{"comments":{"type":"string","description_kind":"plain","computed":true},"credential_type":{"type":"string","description_kind":"plain","computed":true},"description":{"type":"string","description_kind":"plain","computed":true},"id":{"type":"string","description_kind":"plain","optional":true,"computed":true},"instance_tenant_id":{"type":"string","description_kind":"plain","computed":true},"instance_uuid":{"type":"string","description_kind":"plain","computed":true},"password":{"type":"string","description_kind":"plain","computed":true},"port":{"type":"number","description_kind":"plain","computed":true},"secure":{"type":"bool","description_kind":"plain","computed":true},"username":{"type":"string","description_kind":"plain","computed":true}},"description_kind":"plain"}},"snmp_v2_read":{"nesting_mode":"list","block":{"attributes":{"comments":{"type":"string","description_kind":"plain","computed":true},"credential_type":{"type":"string","description_kind":"plain","computed":true},"description":{"type":"string","description_kind":"plain","computed":true},"id":{"type":"string","description_kind":"plain","optional":true,"computed":true},"instance_tenant_id":{"type":"string","description_kind":"plain","computed":true},"instance_uuid":{"type":"string","description_kind":"plain","computed":true},"read_community":{"type":"string","description_kind":"plain","computed":true}},"description_kind":"plain"}},"snmp_v2_write":{"nesting_mode":"list","block":{"attributes":{"comments":{"type":"string","description_kind":"plain","computed":true},"credential_type":{"type":"string","description_kind":"plain","computed":true},"description":{"type":"string","description_kind":"plain","computed":true},"id":{"type":"string","description_kind":"plain","optional":true,"computed":true},"instance_tenant_id":{"type":"string","description_kind":"plain","computed":true},"instance_uuid":{"type":"string","description_kind":"plain","computed":true},"write_community":{"type":"string","description_kind":"plain","computed":true}},"description_kind":"plain"}},"snmp_v3":{"nesting_mode":"list","block":{"attributes":{"auth_password":{"type":"string","description_kind":"plain","computed":true},"auth_type":{"type":"string","description_kind":"plain","computed":true},"comments":{"type":"string","description_kind":"plain","computed":true},"credential_type":{"type":"string","description_kind":"plain","computed":true},"description":{"type":"string","description_kind":"plain","computed":true},"id":{"type":"string","description_kind":"plain","optional":true,"computed":true},"instance_tenant_id":{"type":"string","description_kind":"plain","computed":true},"instance_uuid":{"type":"string","description_kind":"plain","computed":true},"privacy_password":{"type":"string","description_kind":"plain","computed":true},"privacy_type":{"type":"string","description_kind":"plain","computed":true},"snmp_mode":{"type":"string","description_kind":"plain","computed":true},"username":{"type":"string","description_kind":"plain","computed":true}},"description_kind":"plain"}}},"description_kind":"plain"}},"dna_network_global_ip_pool":{"version":0,"block":{"attributes":{"gateway":{"type":"string","description_kind":"plain","required":true},"id":{"type":"string","description_kind":"plain","optional":true,"computed":true},"ip_address_space":{"type":"string","description_kind":"plain","required":true},"last_updated":{"type":"string","description_kind":"plain","computed":true},"type":{"type":"string","description_kind":"plain","required":true}},"block_types":{"item":{"nesting_mode":"list","block":{"attributes":{"client_options":{"type":"string","description_kind":"plain","computed":true},"configure_external_dhcp":{"type":"bool","description_kind":"plain","computed":true},"context":{"type":["list",["object",{"context_key":"string","context_value":"string","owner":"string"}]],"description_kind":"plain","computed":true},"create_time":{"type":"number","description_kind":"plain","computed":true},"dhcp_server_ips":{"type":["list","string"],"description_kind":"plain","optional":true,"computed":true},"dns_server_ips":{"type":["list","string"],"description_kind":"plain","optional":true,"computed":true},"gateways":{"type":["list","string"],"description_kind":"plain","computed":true},"id":{"type":"string","description_kind":"plain","optional":true,"computed":true},"ip_pool_cidr":{"type":"string","description_kind":"plain","required":true},"ip_pool_name":{"type":"string","description_kind":"plain","required":true},"ipv6":{"type":"bool","description_kind":"plain","computed":true},"last_update_time":{"type":"number","description_kind":"plain","computed":true},"overlapping":{"type":"bool","description_kind":"plain","computed":true},"owner":{"type":"string","description_kind":"plain","computed":true},"parent_uuid":{"type":"string","description_kind":"plain","computed":true},"shared":{"type":"bool","description_kind":"plain","computed":true},"total_ip_address_count":{"type":"number","description_kind":"plain","computed":true},"used_ip_address_count":{"type":"number","description_kind":"plain","computed":true},"used_percentage":{"type":"string","description_kind":"plain","computed":true}},"description_kind":"plain"},"min_items":1,"max_items":1}},"description_kind":"plain"}},"dna_network_service_provider_profile":{"version":0,"block":{"attributes":{"id":{"type":"string","description_kind":"plain","optional":true,"computed":true},"last_updated":{"type":"string","description_kind":"plain","computed":true},"model":{"type":"string","description_kind":"plain","required":true},"profile_name":{"type":"string","description_kind":"plain","required":true},"wan_provider":{"type":"string","description_kind":"plain","required":true}},"description_kind":"plain"}},"dna_pnp_device":{"version":0,"block":{"attributes":{"id":{"type":"string","description_kind":"plain","optional":true,"computed":true},"last_updated":{"type":"string","description_kind":"plain","computed":true}},"block_types":{"item":{"nesting_mode":"list","block":{"attributes":{"day_zero_config_preview":{"type":"string","description_kind":"plain","optional":true,"computed":true},"id":{"type":"string","description_kind":"plain","optional":true,"computed":true},"tenant_id":{"type":"string","description_kind":"plain","optional":true,"computed":true},"version":{"type":"number","description_kind":"plain","optional":true,"computed":true}},"block_types":{"day_zero_config":{"nesting_mode":"list","block":{"attributes":{"config":{"type":"string","description_kind":"plain","optional":true,"computed":true}},"description_kind":"plain"}},"device_info":{"nesting_mode":"list","block":{"attributes":{"added_on":{"type":"number","description_kind":"plain","optional":true,"computed":true},"addn_mac_addrs":{"type":["list","string"],"description_kind":"plain","optional":true,"computed":true},"agent_type":{"type":"string","description_kind":"plain","optional":true,"computed":true},"auth_status":{"type":"string","description_kind":"plain","optional":true,"computed":true},"authenticated_mic_number":{"type":"string","description_kind":"plain","optional":true,"computed":true},"authenticated_sudi_serial_no":{"type":"string","description_kind":"plain","optional":true,"computed":true},"capabilities_supported":{"type":["list","string"],"description_kind":"plain","optional":true,"computed":true},"cm_state":{"type":"string","description_kind":"plain","optional":true,"computed":true},"description":{"type":"string","description_kind":"plain","optional":true,"computed":true},"device_sudi_serial_nos":{"type":["list","string"],"description_kind":"plain","optional":true,"computed":true},"device_type":{"type":"string","description_kind":"plain","optional":true,"computed":true},"features_supported":{"type":["list","string"],"description_kind":"plain","optional":true,"computed":true},"first_contact":{"type":"number","description_kind":"plain","optional":true,"computed":true},"hostname":{"type":"string","description_kind":"plain","optional":true,"computed":true},"image_file":{"type":"string","description_kind":"plain","optional":true,"computed":true},"image_version":{"type":"string","description_kind":"plain","optional":true,"computed":true},"last_contact":{"type":"number","description_kind":"plain","optional":true,"computed":true},"last_sync_time":{"type":"number","description_kind":"plain","optional":true,"computed":true},"last_update_on":{"type":"number","description_kind":"plain","optional":true,"computed":true},"mac_address":{"type":"string","description_kind":"plain","optional":true,"computed":true},"mode":{"type":"string","description_kind":"plain","optional":true,"computed":true},"name":{"type":"string","description_kind":"plain","optional":true,"computed":true},"onb_state":{"type":"string","description_kind":"plain","optional":true,"computed":true},"pid":{"type":"string","description_kind":"plain","optional":true,"computed":true},"populate_inventory":{"type":"bool","description_kind":"plain","optional":true,"computed":true},"project_id":{"type":"string","description_kind":"plain","optional":true,"computed":true},"project_name":{"type":"string","description_kind":"plain","optional":true,"computed":true},"reload_requested":{"type":"bool","description_kind":"plain","optional":true,"computed":true},"serial_number":{"type":"string","description_kind":"plain","required":true},"site_id":{"type":"string","description_kind":"plain","optional":true,"computed":true},"site_name":{"type":"string","description_kind":"plain","optional":true,"computed":true},"smart_account_id":{"type":"string","description_kind":"plain","optional":true,"computed":true},"source":{"type":"string","description_kind":"plain","optional":true,"computed":true},"stack":{"type":"bool","description_kind":"plain","optional":true,"computed":true},"state":{"type":"string","description_kind":"plain","optional":true,"computed":true},"sudi_required":{"type":"bool","description_kind":"plain","optional":true,"computed":true},"tags":{"type":"string","description_kind":"plain","optional":true,"computed":true},"user_mic_numbers":{"type":["list","string"],"description_kind":"plain","optional":true,"computed":true},"user_sudi_serial_nos":{"type":["list","string"],"description_kind":"plain","optional":true,"computed":true},"virtual_account_id":{"type":"string","description_kind":"plain","optional":true,"computed":true},"workflow_id":{"type":"string","description_kind":"plain","optional":true,"computed":true},"workflow_name":{"type":"string","description_kind":"plain","optional":true,"computed":true}},"block_types":{"aaa_credentials":{"nesting_mode":"list","block":{"attributes":{"password":{"type":"string","description_kind":"plain","optional":true,"computed":true},"username":{"type":"string","description_kind":"plain","optional":true,"computed":true}},"description_kind":"plain"}},"file_system_list":{"nesting_mode":"list","block":{"attributes":{"freespace":{"type":"number","description_kind":"plain","optional":true,"computed":true},"name":{"type":"string","description_kind":"plain","optional":true,"computed":true},"readable":{"type":"bool","description_kind":"plain","optional":true,"computed":true},"size":{"type":"number","description_kind":"plain","optional":true,"computed":true},"type":{"type":"string","description_kind":"plain","optional":true,"computed":true},"writeable":{"type":"bool","description_kind":"plain","optional":true,"computed":true}},"description_kind":"plain"}},"http_headers":{"nesting_mode":"list","block":{"attributes":{"key":{"type":"string","description_kind":"plain","optional":true,"computed":true},"value":{"type":"string","description_kind":"plain","optional":true,"computed":true}},"description_kind":"plain"}},"ip_interfaces":{"nesting_mode":"list","block":{"attributes":{"ipv4_address":{"type":"string","description_kind":"plain","optional":true,"computed":true},"ipv6_address_list":{"type":["list","string"],"description_kind":"plain","optional":true,"computed":true},"mac_address":{"type":"string","description_kind":"plain","optional":true,"computed":true},"name":{"type":"string","description_kind":"plain","optional":true,"computed":true},"status":{"type":"string","description_kind":"plain","optional":true,"computed":true}},"description_kind":"plain"}},"location":{"nesting_mode":"list","block":{"attributes":{"address":{"type":"string","description_kind":"plain","optional":true,"computed":true},"altitude":{"type":"string","description_kind":"plain","optional":true,"computed":true},"latitude":{"type":"string","description_kind":"plain","optional":true,"computed":true},"longitude":{"type":"string","description_kind":"plain","optional":true,"computed":true},"site_id":{"type":"string","description_kind":"plain","optional":true,"computed":true}},"description_kind":"plain"}},"neighbor_links":{"nesting_mode":"list","block":{"attributes":{"local_interface_name":{"type":"string","description_kind":"plain","optional":true,"computed":true},"local_mac_address":{"type":"string","description_kind":"plain","optional":true,"computed":true},"local_short_interface_name":{"type":"string","description_kind":"plain","optional":true,"computed":true},"remote_device_name":{"type":"string","description_kind":"plain","optional":true,"computed":true},"remote_interface_name":{"type":"string","description_kind":"plain","optional":true,"computed":true},"remote_mac_address":{"type":"string","description_kind":"plain","optional":true,"computed":true},"remote_platform":{"type":"string","description_kind":"plain","optional":true,"computed":true},"remote_short_interface_name":{"type":"string","description_kind":"plain","optional":true,"computed":true},"remote_version":{"type":"string","description_kind":"plain","optional":true,"computed":true}},"description_kind":"plain"}},"pnp_profile_list":{"nesting_mode":"list","block":{"attributes":{"created_by":{"type":"string","description_kind":"plain","optional":true,"computed":true},"discovery_created":{"type":"bool","description_kind":"plain","optional":true,"computed":true},"profile_name":{"type":"string","description_kind":"plain","optional":true,"computed":true}},"block_types":{"primary_endpoint":{"nesting_mode":"list","block":{"attributes":{"certificate":{"type":"string","description_kind":"plain","optional":true,"computed":true},"fqdn":{"type":"string","description_kind":"plain","optional":true,"computed":true},"ipv4_address":{"type":"string","description_kind":"plain","optional":true,"computed":true},"ipv6_address":{"type":"string","description_kind":"plain","optional":true,"computed":true},"port":{"type":"number","description_kind":"plain","optional":true,"computed":true},"protocol":{"type":"string","description_kind":"plain","optional":true,"computed":true}},"description_kind":"plain"}},"secondary_endpoint":{"nesting_mode":"list","block":{"attributes":{"certificate":{"type":"string","description_kind":"plain","optional":true,"computed":true},"fqdn":{"type":"string","description_kind":"plain","optional":true,"computed":true},"ipv4_address":{"type":"string","description_kind":"plain","optional":true,"computed":true},"ipv6_address":{"type":"string","description_kind":"plain","optional":true,"computed":true},"port":{"type":"string","description_kind":"plain","optional":true,"computed":true},"protocol":{"type":"string","description_kind":"plain","optional":true,"computed":true}},"description_kind":"plain"}}},"description_kind":"plain"}},"pre_workflow_cli_ouputs":{"nesting_mode":"list","block":{"attributes":{"cli":{"type":"string","description_kind":"plain","optional":true,"computed":true},"cli_output":{"type":"string","description_kind":"plain","optional":true,"computed":true}},"description_kind":"plain"}},"stack_info":{"nesting_mode":"list","block":{"attributes":{"is_full_ring":{"type":"bool","description_kind":"plain","optional":true,"computed":true},"stack_ring_protocol":{"type":"string","description_kind":"plain","optional":true,"computed":true},"supports_stack_workflows":{"type":"bool","description_kind":"plain","optional":true,"computed":true},"total_member_count":{"type":"number","description_kind":"plain","optional":true,"computed":true},"valid_license_levels":{"type":["list","string"],"description_kind":"plain","optional":true,"computed":true}},"block_types":{"stack_member_list":{"nesting_mode":"list","block":{"attributes":{"hardware_version":{"type":"string","description_kind":"plain","optional":true,"computed":true},"license_level":{"type":"string","description_kind":"plain","optional":true,"computed":true},"license_type":{"type":"string","description_kind":"plain","optional":true,"computed":true},"mac_address":{"type":"string","description_kind":"plain","optional":true,"computed":true},"pid":{"type":"string","description_kind":"plain","optional":true,"computed":true},"priority":{"type":"number","description_kind":"plain","optional":true,"computed":true},"role":{"type":"string","description_kind":"plain","optional":true,"computed":true},"serial_number":{"type":"string","description_kind":"plain","optional":true,"computed":true},"software_version":{"type":"string","description_kind":"plain","optional":true,"computed":true},"stack_number":{"type":"number","description_kind":"plain","optional":true,"computed":true},"state":{"type":"string","description_kind":"plain","optional":true,"computed":true},"sudi_serial_number":{"type":"string","description_kind":"plain","optional":true,"computed":true}},"description_kind":"plain"}}},"description_kind":"plain"}}},"description_kind":"plain"},"min_items":1,"max_items":1},"run_summary_list":{"nesting_mode":"list","block":{"attributes":{"details":{"type":"string","description_kind":"plain","optional":true,"computed":true},"error_flag":{"type":"bool","description_kind":"plain","optional":true,"computed":true},"timestamp":{"type":"number","description_kind":"plain","optional":true,"computed":true}},"block_types":{"history_task_info":{"nesting_mode":"list","block":{"attributes":{"name":{"type":"string","description_kind":"plain","optional":true,"computed":true},"time_taken":{"type":"number","description_kind":"plain","optional":true,"computed":true},"type":{"type":"string","description_kind":"plain","optional":true,"computed":true}},"block_types":{"addn_details":{"nesting_mode":"list","block":{"attributes":{"key":{"type":"string","description_kind":"plain","optional":true,"computed":true},"value":{"type":"string","description_kind":"plain","optional":true,"computed":true}},"description_kind":"plain"}},"work_item_list":{"nesting_mode":"list","block":{"attributes":{"command":{"type":"string","description_kind":"plain","optional":true,"computed":true},"end_time":{"type":"number","description_kind":"plain","optional":true,"computed":true},"output_str":{"type":"string","description_kind":"plain","optional":true,"computed":true},"start_time":{"type":"number","description_kind":"plain","optional":true,"computed":true},"state":{"type":"string","description_kind":"plain","optional":true,"computed":true},"time_taken":{"type":"number","description_kind":"plain","optional":true,"computed":true}},"description_kind":"plain"}}},"description_kind":"plain"}}},"description_kind":"plain"}},"system_reset_workflow":{"nesting_mode":"list","block":{"attributes":{"add_to_inventory":{"type":"bool","description_kind":"plain","optional":true,"computed":true},"added_on":{"type":"number","description_kind":"plain","optional":true,"computed":true},"config_id":{"type":"string","description_kind":"plain","optional":true,"computed":true},"curr_task_idx":{"type":"number","description_kind":"plain","optional":true,"computed":true},"description":{"type":"string","description_kind":"plain","optional":true,"computed":true},"end_time":{"type":"number","description_kind":"plain","optional":true,"computed":true},"exec_time":{"type":"number","description_kind":"plain","optional":true,"computed":true},"id":{"type":"string","description_kind":"plain","optional":true,"computed":true},"image_id":{"type":"string","description_kind":"plain","optional":true,"computed":true},"instance_type":{"type":"string","description_kind":"plain","optional":true,"computed":true},"lastupdate_on":{"type":"number","description_kind":"plain","optional":true,"computed":true},"name":{"type":"string","description_kind":"plain","optional":true,"computed":true},"start_time":{"type":"number","description_kind":"plain","optional":true,"computed":true},"state":{"type":"string","description_kind":"plain","optional":true,"computed":true},"tenant_id":{"type":"string","description_kind":"plain","optional":true,"computed":true},"type":{"type":"string","description_kind":"plain","optional":true,"computed":true},"use_state":{"type":"string","description_kind":"plain","optional":true,"computed":true},"version":{"type":"number","description_kind":"plain","optional":true,"computed":true}},"block_types":{"tasks":{"nesting_mode":"list","block":{"attributes":{"curr_work_item_idx":{"type":"number","description_kind":"plain","optional":true,"computed":true},"end_time":{"type":"number","description_kind":"plain","optional":true,"computed":true},"name":{"type":"string","description_kind":"plain","optional":true,"computed":true},"start_time":{"type":"number","description_kind":"plain","optional":true,"computed":true},"state":{"type":"string","description_kind":"plain","optional":true,"computed":true},"task_seq_no":{"type":"number","description_kind":"plain","optional":true,"computed":true},"time_taken":{"type":"number","description_kind":"plain","optional":true,"computed":true},"type":{"type":"string","description_kind":"plain","optional":true,"computed":true}},"block_types":{"work_item_list":{"nesting_mode":"list","block":{"attributes":{"command":{"type":"string","description_kind":"plain","optional":true,"computed":true},"end_time":{"type":"number","description_kind":"plain","optional":true,"computed":true},"output_str":{"type":"string","description_kind":"plain","optional":true,"computed":true},"start_time":{"type":"number","description_kind":"plain","optional":true,"computed":true},"state":{"type":"string","description_kind":"plain","optional":true,"computed":true},"time_taken":{"type":"number","description_kind":"plain","optional":true,"computed":true}},"description_kind":"plain"}}},"description_kind":"plain"}}},"description_kind":"plain"}},"system_workflow":{"nesting_mode":"list","block":{"attributes":{"add_to_inventory":{"type":"bool","description_kind":"plain","optional":true,"computed":true},"added_on":{"type":"number","description_kind":"plain","optional":true,"computed":true},"config_id":{"type":"string","description_kind":"plain","optional":true,"computed":true},"curr_task_idx":{"type":"number","description_kind":"plain","optional":true,"computed":true},"description":{"type":"string","description_kind":"plain","optional":true,"computed":true},"end_time":{"type":"number","description_kind":"plain","optional":true,"computed":true},"exec_time":{"type":"number","description_kind":"plain","optional":true,"computed":true},"id":{"type":"string","description_kind":"plain","optional":true,"computed":true},"image_id":{"type":"string","description_kind":"plain","optional":true,"computed":true},"instance_type":{"type":"string","description_kind":"plain","optional":true,"computed":true},"lastupdate_on":{"type":"number","description_kind":"plain","optional":true,"computed":true},"name":{"type":"string","description_kind":"plain","optional":true,"computed":true},"start_time":{"type":"number","description_kind":"plain","optional":true,"computed":true},"state":{"type":"string","description_kind":"plain","optional":true,"computed":true},"tenant_id":{"type":"string","description_kind":"plain","optional":true,"computed":true},"type":{"type":"string","description_kind":"plain","optional":true,"computed":true},"use_state":{"type":"string","description_kind":"plain","optional":true,"computed":true},"version":{"type":"number","description_kind":"plain","optional":true,"computed":true}},"block_types":{"tasks":{"nesting_mode":"list","block":{"attributes":{"curr_work_item_idx":{"type":"number","description_kind":"plain","optional":true,"computed":true},"end_time":{"type":"number","description_kind":"plain","optional":true,"computed":true},"name":{"type":"string","description_kind":"plain","optional":true,"computed":true},"start_time":{"type":"number","description_kind":"plain","optional":true,"computed":true},"state":{"type":"string","description_kind":"plain","optional":true,"computed":true},"task_seq_no":{"type":"number","description_kind":"plain","optional":true,"computed":true},"time_taken":{"type":"number","description_kind":"plain","optional":true,"computed":true},"type":{"type":"string","description_kind":"plain","optional":true,"computed":true}},"block_types":{"work_item_list":{"nesting_mode":"list","block":{"attributes":{"command":{"type":"string","description_kind":"plain","optional":true,"computed":true},"end_time":{"type":"number","description_kind":"plain","optional":true,"computed":true},"output_str":{"type":"string","description_kind":"plain","optional":true,"computed":true},"start_time":{"type":"number","description_kind":"plain","optional":true,"computed":true},"state":{"type":"string","description_kind":"plain","optional":true,"computed":true},"time_taken":{"type":"number","description_kind":"plain","optional":true,"computed":true}},"description_kind":"plain"}}},"description_kind":"plain"}}},"description_kind":"plain"}},"workflow":{"nesting_mode":"list","block":{"attributes":{"add_to_inventory":{"type":"bool","description_kind":"plain","optional":true,"computed":true},"added_on":{"type":"number","description_kind":"plain","optional":true,"computed":true},"config_id":{"type":"string","description_kind":"plain","optional":true,"computed":true},"curr_task_idx":{"type":"number","description_kind":"plain","optional":true,"computed":true},"description":{"type":"string","description_kind":"plain","optional":true,"computed":true},"end_time":{"type":"number","description_kind":"plain","optional":true,"computed":true},"exec_time":{"type":"number","description_kind":"plain","optional":true,"computed":true},"id":{"type":"string","description_kind":"plain","optional":true,"computed":true},"image_id":{"type":"string","description_kind":"plain","optional":true,"computed":true},"instance_type":{"type":"string","description_kind":"plain","optional":true,"computed":true},"lastupdate_on":{"type":"number","description_kind":"plain","optional":true,"computed":true},"name":{"type":"string","description_kind":"plain","optional":true,"computed":true},"start_time":{"type":"number","description_kind":"plain","optional":true,"computed":true},"state":{"type":"string","description_kind":"plain","optional":true,"computed":true},"tenant_id":{"type":"string","description_kind":"plain","optional":true,"computed":true},"type":{"type":"string","description_kind":"plain","optional":true,"computed":true},"use_state":{"type":"string","description_kind":"plain","optional":true,"computed":true},"version":{"type":"number","description_kind":"plain","optional":true,"computed":true}},"block_types":{"tasks":{"nesting_mode":"list","block":{"attributes":{"curr_work_item_idx":{"type":"number","description_kind":"plain","optional":true,"computed":true},"end_time":{"type":"number","description_kind":"plain","optional":true,"computed":true},"name":{"type":"string","description_kind":"plain","optional":true,"computed":true},"start_time":{"type":"number","description_kind":"plain","optional":true,"computed":true},"state":{"type":"string","description_kind":"plain","optional":true,"computed":true},"task_seq_no":{"type":"number","description_kind":"plain","optional":true,"computed":true},"time_taken":{"type":"number","description_kind":"plain","optional":true,"computed":true},"type":{"type":"string","description_kind":"plain","optional":true,"computed":true}},"block_types":{"work_item_list":{"nesting_mode":"list","block":{"attributes":{"command":{"type":"string","description_kind":"plain","optional":true,"computed":true},"end_time":{"type":"number","description_kind":"plain","optional":true,"computed":true},"output_str":{"type":"string","description_kind":"plain","optional":true,"computed":true},"start_time":{"type":"number","description_kind":"plain","optional":true,"computed":true},"state":{"type":"string","description_kind":"plain","optional":true,"computed":true},"time_taken":{"type":"number","description_kind":"plain","optional":true,"computed":true}},"description_kind":"plain"}}},"description_kind":"plain"}}},"description_kind":"plain"}},"workflow_parameters":{"nesting_mode":"list","block":{"attributes":{"license_level":{"type":"string","description_kind":"plain","optional":true,"computed":true},"license_type":{"type":"string","description_kind":"plain","optional":true,"computed":true},"top_of_stack_serial_number":{"type":"string","description_kind":"plain","optional":true,"computed":true}},"block_types":{"config_list":{"nesting_mode":"list","block":{"attributes":{"config_id":{"type":"string","description_kind":"plain","optional":true,"computed":true}},"block_types":{"config_parameters":{"nesting_mode":"list","block":{"attributes":{"key":{"type":"string","description_kind":"plain","optional":true,"computed":true},"value":{"type":"string","description_kind":"plain","optional":true,"computed":true}},"description_kind":"plain"}}},"description_kind":"plain"}}},"description_kind":"plain"}}},"description_kind":"plain"},"min_items":1,"max_items":1}},"description_kind":"plain"}},"dna_pnp_global_settings":{"version":0,"block":{"attributes":{"id":{"type":"string","description_kind":"plain","optional":true,"computed":true},"last_updated":{"type":"string","description_kind":"plain","computed":true}},"block_types":{"item":{"nesting_mode":"list","block":{"attributes":{"accept_eula":{"type":"bool","description_kind":"plain","optional":true,"computed":true},"id":{"type":"string","description_kind":"plain","optional":true,"computed":true},"tenant_id":{"type":"string","description_kind":"plain","optional":true,"computed":true},"version":{"type":"number","description_kind":"plain","optional":true,"computed":true}},"block_types":{"aaa_credentials":{"nesting_mode":"list","block":{"attributes":{"password":{"type":"string","description_kind":"plain","optional":true,"computed":true},"username":{"type":"string","description_kind":"plain","optional":true,"computed":true}},"description_kind":"plain"},"max_items":1},"default_profile":{"nesting_mode":"list","block":{"attributes":{"cert":{"type":"string","description_kind":"plain","optional":true,"computed":true},"fqdn_addresses":{"type":["list","string"],"description_kind":"plain","optional":true,"computed":true},"ip_addresses":{"type":["list","string"],"description_kind":"plain","optional":true,"computed":true},"port":{"type":"number","description_kind":"plain","optional":true,"computed":true},"proxy":{"type":"bool","description_kind":"plain","optional":true,"computed":true}},"description_kind":"plain"},"max_items":1},"sava_mapping_list":{"nesting_mode":"list","block":{"attributes":{"auto_sync_period":{"type":"number","description_kind":"plain","optional":true,"computed":true},"cco_user":{"type":"string","description_kind":"plain","optional":true,"computed":true},"expiry":{"type":"number","description_kind":"plain","optional":true,"computed":true},"last_sync":{"type":"number","description_kind":"plain","optional":true,"computed":true},"smart_account_id":{"type":"string","description_kind":"plain","optional":true,"computed":true},"sync_result_str":{"type":"string","description_kind":"plain","optional":true,"computed":true},"sync_start_time":{"type":"number","description_kind":"plain","optional":true,"computed":true},"sync_status":{"type":"string","description_kind":"plain","optional":true,"computed":true},"tenant_id":{"type":"string","description_kind":"plain","optional":true,"computed":true},"token":{"type":"string","description_kind":"plain","optional":true,"computed":true},"virtual_account_id":{"type":"string","description_kind":"plain","optional":true,"computed":true}},"block_types":{"profile":{"nesting_mode":"list","block":{"attributes":{"address_fqdn":{"type":"string","description_kind":"plain","optional":true,"computed":true},"address_ip_v4":{"type":"string","description_kind":"plain","optional":true,"computed":true},"cert":{"type":"string","description_kind":"plain","optional":true,"computed":true},"make_default":{"type":"bool","description_kind":"plain","optional":true,"computed":true},"name":{"type":"string","description_kind":"plain","optional":true,"computed":true},"port":{"type":"number","description_kind":"plain","optional":true,"computed":true},"profile_id":{"type":"string","description_kind":"plain","optional":true,"computed":true},"proxy":{"type":"bool","description_kind":"plain","optional":true,"computed":true}},"description_kind":"plain"},"max_items":1},"sync_result":{"nesting_mode":"list","block":{"attributes":{"sync_msg":{"type":"string","description_kind":"plain","optional":true,"computed":true}},"block_types":{"sync_list":{"nesting_mode":"list","block":{"attributes":{"device_sn_list":{"type":["list","string"],"description_kind":"plain","optional":true,"computed":true},"sync_type":{"type":"string","description_kind":"plain","optional":true,"computed":true}},"description_kind":"plain"}}},"description_kind":"plain"},"max_items":1}},"description_kind":"plain"}},"task_time_outs":{"nesting_mode":"list","block":{"attributes":{"config_time_out":{"type":"number","description_kind":"plain","optional":true,"computed":true},"general_time_out":{"type":"number","description_kind":"plain","optional":true,"computed":true},"image_download_time_out":{"type":"number","description_kind":"plain","optional":true,"computed":true}},"description_kind":"plain"},"max_items":1}},"description_kind":"plain"},"min_items":1,"max_items":1}},"description_kind":"plain"}},"dna_pnp_workflow":{"version":0,"block":{"attributes":{"id":{"type":"string","description_kind":"plain","optional":true,"computed":true},"last_updated":{"type":"string","description_kind":"plain","computed":true}},"block_types":{"item":{"nesting_mode":"list","block":{"attributes":{"add_to_inventory":{"type":"bool","description_kind":"plain","optional":true,"computed":true},"added_on":{"type":"number","description_kind":"plain","optional":true,"computed":true},"config_id":{"type":"string","description_kind":"plain","optional":true,"computed":true},"curr_task_idx":{"type":"number","description_kind":"plain","optional":true,"computed":true},"description":{"type":"string","description_kind":"plain","optional":true,"computed":true},"end_time":{"type":"number","description_kind":"plain","optional":true,"computed":true},"exec_time":{"type":"number","description_kind":"plain","optional":true,"computed":true},"id":{"type":"string","description_kind":"plain","optional":true,"computed":true},"image_id":{"type":"string","description_kind":"plain","optional":true,"computed":true},"instance_type":{"type":"string","description_kind":"plain","optional":true,"computed":true},"lastupdate_on":{"type":"number","description_kind":"plain","optional":true,"computed":true},"name":{"type":"string","description_kind":"plain","required":true},"start_time":{"type":"number","description_kind":"plain","optional":true,"computed":true},"state":{"type":"string","description_kind":"plain","optional":true,"computed":true},"tenant_id":{"type":"string","description_kind":"plain","optional":true,"computed":true},"type":{"type":"string","description_kind":"plain","optional":true,"computed":true},"use_state":{"type":"string","description_kind":"plain","optional":true,"computed":true},"version":{"type":"number","description_kind":"plain","optional":true,"computed":true}},"block_types":{"tasks":{"nesting_mode":"list","block":{"attributes":{"curr_work_item_idx":{"type":"number","description_kind":"plain","optional":true,"computed":true},"end_time":{"type":"number","description_kind":"plain","optional":true,"computed":true},"name":{"type":"string","description_kind":"plain","required":true},"start_time":{"type":"number","description_kind":"plain","optional":true,"computed":true},"state":{"type":"string","description_kind":"plain","optional":true,"computed":true},"task_seq_no":{"type":"number","description_kind":"plain","required":true},"time_taken":{"type":"number","description_kind":"plain","optional":true,"computed":true},"type":{"type":"string","description_kind":"plain","required":true}},"block_types":{"work_item_list":{"nesting_mode":"list","block":{"attributes":{"command":{"type":"string","description_kind":"plain","optional":true,"computed":true},"end_time":{"type":"number","description_kind":"plain","optional":true,"computed":true},"output_str":{"type":"string","description_kind":"plain","optional":true,"computed":true},"start_time":{"type":"number","description_kind":"plain","optional":true,"computed":true},"state":{"type":"string","description_kind":"plain","optional":true,"computed":true},"time_taken":{"type":"number","description_kind":"plain","optional":true,"computed":true}},"description_kind":"plain"}}},"description_kind":"plain"},"min_items":1}},"description_kind":"plain"},"min_items":1,"max_items":1}},"description_kind":"plain"}},"dna_sda_fabric":{"version":0,"block":{"attributes":{"fabric_domain_type":{"type":"string","description_kind":"plain","computed":true},"fabric_name":{"type":"string","description_kind":"plain","required":true},"fabric_type":{"type":"string","description_kind":"plain","computed":true},"id":{"type":"string","description_kind":"plain","optional":true,"computed":true},"last_updated":{"type":"string","description_kind":"plain","computed":true}},"description_kind":"plain"}},"dna_sda_fabric_authentication_profile":{"version":0,"block":{"attributes":{"authenticate_template_id":{"type":"string","description_kind":"plain","computed":true},"authenticate_template_name":{"type":"string","description_kind":"plain","required":true},"id":{"type":"string","description_kind":"plain","optional":true,"computed":true},"last_updated":{"type":"string","description_kind":"plain","computed":true},"site_name_hierarchy":{"type":"string","description_kind":"plain","required":true}},"description_kind":"plain"}},"dna_sda_fabric_border_device":{"version":0,"block":{"attributes":{"border_session_type":{"type":"string","description_kind":"plain","required":true},"connected_to_internet":{"type":"bool","description_kind":"plain","required":true},"device_ip_address":{"type":"string","description_kind":"plain","required":true},"external_connectivity_ip_pool_name":{"type":"string","description_kind":"plain","required":true},"external_domain_routing_protocol_name":{"type":"string","description_kind":"plain","required":true},"id":{"type":"string","description_kind":"plain","optional":true,"computed":true},"internal_autonomous_system_number":{"type":"string","description_kind":"plain","required":true},"last_updated":{"type":"string","description_kind":"plain","computed":true},"site_name_hierarchy":{"type":"string","description_kind":"plain","required":true}},"block_types":{"external_connectivity_settings":{"nesting_mode":"list","block":{"attributes":{"external_autonomous_system_number":{"type":"string","description_kind":"plain","required":true},"interface_name":{"type":"string","description_kind":"plain","required":true}},"block_types":{"l3_handoff":{"nesting_mode":"list","block":{"block_types":{"virtual_network":{"nesting_mode":"list","block":{"attributes":{"virtual_network_name":{"type":"string","description_kind":"plain","required":true}},"description_kind":"plain"},"min_items":1}},"description_kind":"plain"},"min_items":1}},"description_kind":"plain"},"min_items":1},"item":{"nesting_mode":"list","block":{"attributes":{"akc_settings_cfs":{"type":["list","string"],"description_kind":"plain","computed":true},"auth_entity_class":{"type":"number","description_kind":"plain","computed":true},"auth_entity_id":{"type":"number","description_kind":"plain","computed":true},"cfs_change_info":{"type":["list","string"],"description_kind":"plain","computed":true},"configs":{"type":["list","string"],"description_kind":"plain","computed":true},"create_time":{"type":"number","description_kind":"plain","computed":true},"custom_provisions":{"type":["list","string"],"description_kind":"plain","computed":true},"deploy_pending":{"type":"string","description_kind":"plain","computed":true},"deployed":{"type":"bool","description_kind":"plain","computed":true},"device_interface_info":{"type":["list","string"],"description_kind":"plain","computed":true},"device_settings":{"type":["list",["object",{"connected_to":["list","string"],"cpu":"number","deploy_pending":"string","dhcp_enabled":"bool","display_name":"string","ext_connectivity_settings":["list",["object",{"deploy_pending":"string","display_name":"string","external_domain_protocol_number":"string","id":"string","instance_id":"number","instance_tenant_id":"string","instance_version":"number","interface_uuid":"string","l2_handoff":["list","string"],"l3_handoff":["list",["object",{"deploy_pending":"string","display_name":"string","id":"string","instance_id":"number","instance_tenant_id":"string","instance_version":"number","local_ip_address":"string","remote_ip_address":"string","virtual_network":["list",["object",{"id_ref":"string"}]],"vlan_id":"number"}]],"policy_propagation_enabled":"bool","policy_sgt_tag":"number"}]],"external_connectivity_ip_pool":"string","external_domain_routing_protocol":"string","id":"string","instance_id":"number","instance_tenant_id":"string","instance_version":"number","internal_domain_protocol_number":"string","memory":"number","node_type":["list","string"],"storage":"number"}]],"description_kind":"plain","computed":true},"display_name":{"type":"string","description_kind":"plain","computed":true},"id":{"type":"string","description_kind":"plain","computed":true},"instance_id":{"type":"number","description_kind":"plain","computed":true},"instance_tenant_id":{"type":"string","description_kind":"plain","computed":true},"instance_version":{"type":"number","description_kind":"plain","computed":true},"is_seeded":{"type":"bool","description_kind":"plain","computed":true},"is_stale":{"type":"bool","description_kind":"plain","computed":true},"last_update_time":{"type":"number","description_kind":"plain","computed":true},"managed_sites":{"type":["list","string"],"description_kind":"plain","computed":true},"name":{"type":"string","description_kind":"plain","computed":true},"namespace":{"type":"string","description_kind":"plain","computed":true},"network_device_id":{"type":"string","description_kind":"plain","computed":true},"network_wide_settings":{"type":["list",["object",{"aaa":["list","string"],"cmx":["list","string"],"deploy_pending":"string","dhcp":["list",["object",{"id":"string","ip_address":["list",["object",{"address":"string","address_type":"string","id":"string","padded_address":"string"}]]}]],"display_name":"string","dns":["list",["object",{"domain_name":"string","id":"string","ip":["list",["object",{"address":"string","address_type":"string","id":"string","padded_address":"string"}]]}]],"id":"string","instance_id":"number","instance_tenant_id":"string","instance_version":"number","ldap":["list","string"],"native_vlan":["list","string"],"netflow":["list","string"],"ntp":["list","string"],"snmp":["list","string"],"syslogs":["list","string"]}]],"description_kind":"plain","computed":true},"other_device":{"type":["list","string"],"description_kind":"plain","computed":true},"provisioning_state":{"type":"string","description_kind":"plain","computed":true},"resource_version":{"type":"number","description_kind":"plain","computed":true},"roles":{"type":["list","string"],"description_kind":"plain","computed":true},"save_wan_connectivity_details_only":{"type":"bool","description_kind":"plain","computed":true},"site_id":{"type":"string","description_kind":"plain","computed":true},"target_id_list":{"type":["list","string"],"description_kind":"plain","computed":true},"transit_networks":{"type":["list",["object",{"id_ref":"string"}]],"description_kind":"plain","computed":true},"type":{"type":"string","description_kind":"plain","computed":true},"virtual_network":{"type":["list","string"],"description_kind":"plain","computed":true},"wlan":{"type":["list","string"],"description_kind":"plain","computed":true}},"description_kind":"plain"},"min_items":1}},"description_kind":"plain"}},"dna_sda_fabric_control_plane_device":{"version":0,"block":{"attributes":{"device_management_ip_address":{"type":"string","description_kind":"plain","required":true},"id":{"type":"string","description_kind":"plain","optional":true,"computed":true},"last_updated":{"type":"string","description_kind":"plain","computed":true},"name":{"type":"string","description_kind":"plain","computed":true},"roles":{"type":["list","string"],"description_kind":"plain","computed":true},"site_name_hierarchy":{"type":"string","description_kind":"plain","required":true}},"description_kind":"plain"}},"dna_sda_fabric_edge_device":{"version":0,"block":{"attributes":{"device_management_ip_address":{"type":"string","description_kind":"plain","required":true},"id":{"type":"string","description_kind":"plain","optional":true,"computed":true},"last_updated":{"type":"string","description_kind":"plain","computed":true},"name":{"type":"string","description_kind":"plain","computed":true},"roles":{"type":["list","string"],"description_kind":"plain","computed":true},"site_name_hierarchy":{"type":"string","description_kind":"plain","required":true}},"description_kind":"plain"}},"dna_sda_fabric_ip_pool_in_vn":{"version":0,"block":{"attributes":{"authentication_policy_name":{"type":"string","description_kind":"plain","required":true},"id":{"type":"string","description_kind":"plain","optional":true,"computed":true},"ip_pool_name":{"type":"string","description_kind":"plain","required":true},"is_l2_flooding_enabled":{"type":"bool","description_kind":"plain","optional":true},"is_this_critical_pool":{"type":"bool","description_kind":"plain","optional":true},"last_updated":{"type":"string","description_kind":"plain","computed":true},"pool_type":{"type":"string","description_kind":"plain","optional":true},"scalable_group_name":{"type":"string","description_kind":"plain","required":true},"traffic_type":{"type":"string","description_kind":"plain","required":true},"virtual_network_name":{"type":"string","description_kind":"plain","required":true}},"description_kind":"plain"}},"dna_sda_fabric_port_assignment_for_access_point":{"version":0,"block":{"attributes":{"authenticate_template_name":{"type":"string","description_kind":"plain","required":true},"data_ip_address_pool_name":{"type":"string","description_kind":"plain","required":true},"device_management_ip_address":{"type":"string","description_kind":"plain","required":true},"id":{"type":"string","description_kind":"plain","optional":true,"computed":true},"interface_name":{"type":"string","description_kind":"plain","required":true},"last_updated":{"type":"string","description_kind":"plain","computed":true},"scalable_group_name":{"type":"string","description_kind":"plain","computed":true},"site_name_hierarchy":{"type":"string","description_kind":"plain","required":true},"voice_ip_address_pool_name":{"type":"string","description_kind":"plain","required":true}},"description_kind":"plain"}},"dna_sda_fabric_port_assignment_for_user_device":{"version":0,"block":{"attributes":{"authenticate_template_name":{"type":"string","description_kind":"plain","required":true},"data_ip_address_pool_name":{"type":"string","description_kind":"plain","required":true},"device_management_ip_address":{"type":"string","description_kind":"plain","required":true},"id":{"type":"string","description_kind":"plain","optional":true,"computed":true},"interface_name":{"type":"string","description_kind":"plain","required":true},"last_updated":{"type":"string","description_kind":"plain","computed":true},"scalable_group_name":{"type":"string","description_kind":"plain","computed":true},"site_name_hierarchy":{"type":"string","description_kind":"plain","required":true},"voice_ip_address_pool_name":{"type":"string","description_kind":"plain","required":true}},"description_kind":"plain"}},"dna_sda_fabric_site":{"version":0,"block":{"attributes":{"fabric_name":{"type":"string","description_kind":"plain","required":true},"id":{"type":"string","description_kind":"plain","optional":true,"computed":true},"last_updated":{"type":"string","description_kind":"plain","computed":true},"site_name_hierarchy":{"type":"string","description_kind":"plain","required":true}},"description_kind":"plain"}},"dna_sda_fabric_virtual_network":{"version":0,"block":{"attributes":{"device_management_ip_address":{"type":"string","description_kind":"plain","computed":true},"id":{"type":"string","description_kind":"plain","optional":true,"computed":true},"last_updated":{"type":"string","description_kind":"plain","computed":true},"roles":{"type":["list","string"],"description_kind":"plain","computed":true},"site_name_hierarchy":{"type":"string","description_kind":"plain","required":true},"virtual_network_name":{"type":"string","description_kind":"plain","required":true}},"description_kind":"plain"}},"dna_site":{"version":0,"block":{"attributes":{"id":{"type":"string","description_kind":"plain","optional":true,"computed":true},"last_updated":{"type":"string","description_kind":"plain","computed":true}},"block_types":{"item":{"nesting_mode":"list","block":{"attributes":{"address":{"type":"string","description_kind":"plain","optional":true},"height":{"type":"number","description_kind":"plain","optional":true},"id":{"type":"string","description_kind":"plain","optional":true,"computed":true},"latitude":{"type":"number","description_kind":"plain","optional":true},"length":{"type":"number","description_kind":"plain","optional":true},"longitude":{"type":"number","description_kind":"plain","optional":true},"name":{"type":"string","description_kind":"plain","required":true},"parent_name":{"type":"string","description_kind":"plain","required":true},"rf_model":{"type":"string","description_kind":"plain","optional":true},"type":{"type":"string","description_kind":"plain","required":true},"width":{"type":"number","description_kind":"plain","optional":true}},"description_kind":"plain"},"min_items":1,"max_items":1}},"description_kind":"plain"}},"dna_snmpv2_read_community_credential":{"version":0,"block":{"attributes":{"id":{"type":"string","description_kind":"plain","optional":true,"computed":true},"last_updated":{"type":"string","description_kind":"plain","computed":true}},"block_types":{"item":{"nesting_mode":"list","block":{"attributes":{"comments":{"type":"string","description_kind":"plain","optional":true},"credential_type":{"type":"string","description_kind":"plain","optional":true},"description":{"type":"string","description_kind":"plain","required":true},"id":{"type":"string","description_kind":"plain","optional":true},"instance_tenant_id":{"type":"string","description_kind":"plain","optional":true},"instance_uuid":{"type":"string","description_kind":"plain","optional":true},"read_community":{"type":"string","description_kind":"plain","required":true,"sensitive":true}},"description_kind":"plain"},"min_items":1,"max_items":1}},"description_kind":"plain"}},"dna_snmpv2_write_community_credential":{"version":0,"block":{"attributes":{"id":{"type":"string","description_kind":"plain","optional":true,"computed":true},"last_updated":{"type":"string","description_kind":"plain","computed":true}},"block_types":{"item":{"nesting_mode":"list","block":{"attributes":{"comments":{"type":"string","description_kind":"plain","optional":true},"credential_type":{"type":"string","description_kind":"plain","optional":true},"description":{"type":"string","description_kind":"plain","required":true},"id":{"type":"string","description_kind":"plain","optional":true},"instance_tenant_id":{"type":"string","description_kind":"plain","optional":true},"instance_uuid":{"type":"string","description_kind":"plain","optional":true},"write_community":{"type":"string","description_kind":"plain","required":true,"sensitive":true}},"description_kind":"plain"},"min_items":1,"max_items":1}},"description_kind":"plain"}},"dna_snmpv3_credential":{"version":0,"block":{"attributes":{"id":{"type":"string","description_kind":"plain","optional":true,"computed":true},"last_updated":{"type":"string","description_kind":"plain","computed":true}},"block_types":{"item":{"nesting_mode":"list","block":{"attributes":{"auth_password":{"type":"string","description_kind":"plain","optional":true,"sensitive":true},"auth_type":{"type":"string","description_kind":"plain","optional":true},"comments":{"type":"string","description_kind":"plain","optional":true},"credential_type":{"type":"string","description_kind":"plain","optional":true},"description":{"type":"string","description_kind":"plain","optional":true},"id":{"type":"string","description_kind":"plain","optional":true},"instance_tenant_id":{"type":"string","description_kind":"plain","optional":true},"instance_uuid":{"type":"string","description_kind":"plain","optional":true},"privacy_password":{"type":"string","description_kind":"plain","optional":true,"sensitive":true},"privacy_type":{"type":"string","description_kind":"plain","optional":true},"snmp_mode":{"type":"string","description_kind":"plain","required":true},"username":{"type":"string","description_kind":"plain","required":true}},"description_kind":"plain"},"min_items":1,"max_items":1}},"description_kind":"plain"}},"dna_tag":{"version":0,"block":{"attributes":{"id":{"type":"string","description_kind":"plain","optional":true,"computed":true},"last_updated":{"type":"string","description_kind":"plain","computed":true}},"block_types":{"item":{"nesting_mode":"list","block":{"attributes":{"description":{"type":"string","description_kind":"plain","required":true},"instance_tenant_id":{"type":"string","description_kind":"plain","optional":true},"name":{"type":"string","description_kind":"plain","required":true},"system_tag":{"type":"bool","description_kind":"plain","required":true}},"block_types":{"dynamic_rules":{"nesting_mode":"list","block":{"attributes":{"member_type":{"type":"string","description_kind":"plain","optional":true}},"block_types":{"rules":{"nesting_mode":"list","block":{"attributes":{"items":{"type":["list","string"],"description_kind":"plain","optional":true},"name":{"type":"string","description_kind":"plain","optional":true},"operation":{"type":"string","description_kind":"plain","optional":true},"value":{"type":"string","description_kind":"plain","optional":true},"values":{"type":["list","string"],"description_kind":"plain","optional":true}},"description_kind":"plain"}}},"description_kind":"plain"}}},"description_kind":"plain"},"min_items":1,"max_items":1}},"description_kind":"plain"}},"dna_template":{"version":0,"block":{"attributes":{"id":{"type":"string","description_kind":"plain","optional":true,"computed":true},"last_updated":{"type":"string","description_kind":"plain","computed":true}},"block_types":{"item":{"nesting_mode":"list","block":{"attributes":{"author":{"type":"string","description_kind":"plain","optional":true,"computed":true},"composite":{"type":"bool","description_kind":"plain","optional":true,"computed":true},"create_time":{"type":"number","description_kind":"plain","optional":true,"computed":true},"description":{"type":"string","description_kind":"plain","optional":true,"computed":true},"failure_policy":{"type":"string","description_kind":"plain","optional":true,"computed":true},"id":{"type":"string","description_kind":"plain","optional":true,"computed":true},"last_update_time":{"type":"number","description_kind":"plain","optional":true,"computed":true},"name":{"type":"string","description_kind":"plain","required":true},"parent_template_id":{"type":"string","description_kind":"plain","optional":true,"computed":true},"project_id":{"type":"string","description_kind":"plain","required":true},"project_name":{"type":"string","description_kind":"plain","optional":true,"computed":true},"rollback_template_content":{"type":"string","description_kind":"plain","optional":true,"computed":true},"software_type":{"type":"string","description_kind":"plain","required":true},"software_variant":{"type":"string","description_kind":"plain","optional":true,"computed":true},"software_version":{"type":"string","description_kind":"plain","optional":true,"computed":true},"template_content":{"type":"string","description_kind":"plain","optional":true,"computed":true},"version":{"type":"string","description_kind":"plain","optional":true}},"block_types":{"containing_templates":{"nesting_mode":"list","block":{"attributes":{"composite":{"type":"bool","description_kind":"plain","optional":true,"computed":true},"id":{"type":"string","description_kind":"plain","optional":true,"computed":true},"name":{"type":"string","description_kind":"plain","optional":true,"computed":true},"version":{"type":"string","description_kind":"plain","optional":true,"computed":true}},"description_kind":"plain"}},"device_types":{"nesting_mode":"list","block":{"attributes":{"product_family":{"type":"string","description_kind":"plain","optional":true,"computed":true},"product_series":{"type":"string","description_kind":"plain","optional":true,"computed":true},"product_type":{"type":"string","description_kind":"plain","optional":true,"computed":true}},"description_kind":"plain"},"min_items":1},"rollback_template_params":{"nesting_mode":"list","block":{"attributes":{"binding":{"type":"string","description_kind":"plain","optional":true},"data_type":{"type":"string","description_kind":"plain","optional":true},"default_value":{"type":"string","description_kind":"plain","optional":true},"description":{"type":"string","description_kind":"plain","optional":true},"display_name":{"type":"string","description_kind":"plain","optional":true},"group":{"type":"string","description_kind":"plain","optional":true},"id":{"type":"string","description_kind":"plain","optional":true},"instruction_text":{"type":"string","description_kind":"plain","optional":true},"key":{"type":"string","description_kind":"plain","optional":true},"not_param":{"type":"bool","description_kind":"plain","optional":true},"order":{"type":"number","description_kind":"plain","optional":true},"param_array":{"type":"bool","description_kind":"plain","optional":true},"parameter_name":{"type":"string","description_kind":"plain","optional":true},"provider":{"type":"string","description_kind":"plain","optional":true},"required":{"type":"bool","description_kind":"plain","optional":true}},"block_types":{"range":{"nesting_mode":"list","block":{"attributes":{"id":{"type":"string","description_kind":"plain","optional":true},"max_value":{"type":"number","description_kind":"plain","optional":true},"min_value":{"type":"number","description_kind":"plain","optional":true}},"description_kind":"plain"}},"selection":{"nesting_mode":"list","block":{"attributes":{"id":{"type":"string","description_kind":"plain","optional":true},"selection_type":{"type":"string","description_kind":"plain","optional":true},"selection_values":{"type":["map","string"],"description_kind":"plain","optional":true}},"description_kind":"plain"}}},"description_kind":"plain"}},"template_params":{"nesting_mode":"list","block":{"attributes":{"binding":{"type":"string","description_kind":"plain","optional":true},"data_type":{"type":"string","description_kind":"plain","optional":true},"default_value":{"type":"string","description_kind":"plain","optional":true},"description":{"type":"string","description_kind":"plain","optional":true},"display_name":{"type":"string","description_kind":"plain","optional":true},"group":{"type":"string","description_kind":"plain","optional":true},"id":{"type":"string","description_kind":"plain","optional":true},"instruction_text":{"type":"string","description_kind":"plain","optional":true},"key":{"type":"string","description_kind":"plain","optional":true},"not_param":{"type":"bool","description_kind":"plain","optional":true},"order":{"type":"number","description_kind":"plain","optional":true},"param_array":{"type":"bool","description_kind":"plain","optional":true},"parameter_name":{"type":"string","description_kind":"plain","optional":true},"provider":{"type":"string","description_kind":"plain","optional":true},"required":{"type":"bool","description_kind":"plain","optional":true}},"block_types":{"range":{"nesting_mode":"list","block":{"attributes":{"id":{"type":"string","description_kind":"plain","optional":true},"max_value":{"type":"number","description_kind":"plain","optional":true},"min_value":{"type":"number","description_kind":"plain","optional":true}},"description_kind":"plain"}},"selection":{"nesting_mode":"list","block":{"attributes":{"id":{"type":"string","description_kind":"plain","optional":true},"selection_type":{"type":"string","description_kind":"plain","optional":true},"selection_values":{"type":["map","string"],"description_kind":"plain","optional":true}},"description_kind":"plain"}}},"description_kind":"plain"}}},"description_kind":"plain"},"min_items":1,"max_items":1}},"description_kind":"plain"}},"dna_template_project":{"version":0,"block":{"attributes":{"id":{"type":"string","description_kind":"plain","optional":true,"computed":true},"last_updated":{"type":"string","description_kind":"plain","computed":true}},"block_types":{"item":{"nesting_mode":"list","block":{"attributes":{"id":{"type":"string","description_kind":"plain","computed":true},"is_deletable":{"type":"bool","description_kind":"plain","optional":true,"computed":true},"name":{"type":"string","description_kind":"plain","required":true},"templates":{"type":["list",["object",{"composite":"bool","custom_params_order":"bool","document_database":"bool","id":"string","language":"string","last_update_time":"number","latest_version_time":"number","name":"string","project_associated":"bool"}]],"description_kind":"plain","computed":true}},"description_kind":"plain"},"min_items":1,"max_items":1}},"description_kind":"plain"}}},"data_source_schemas":{"dna_application_set":{"version":0,"block":{"attributes":{"id":{"type":"string","description_kind":"plain","optional":true,"computed":true},"items":{"type":["list",["object",{"id":"string","identity_source":["list",["object",{"id":"string","type":"string"}]],"name":"string"}]],"description_kind":"plain","computed":true},"limit":{"type":"number","description_kind":"plain","optional":true},"name":{"type":"string","description_kind":"plain","optional":true},"offset":{"type":"number","description_kind":"plain","optional":true}},"description_kind":"plain"}},"dna_applications":{"version":0,"block":{"attributes":{"id":{"type":"string","description_kind":"plain","optional":true,"computed":true},"items":{"type":["list",["object",{"application_id":"string","application_network_applications":["list",["object",{"app_protocol":"string","application_subtype":"string","application_type":"string","category_id":"string","display_name":"string","dscp":"string","engine_id":"string","help_string":"string","id":"string","ignore_conflict":"string","long_description":"string","name":"string","popularity":"number","rank":"number","server_name":"string","traffic_class":"string","url":"string"}]],"application_network_identity":["list",["object",{"display_name":"string","id":"string","lower_port":"number","ports":"string","protocol":"string","upper_port":"number"}]],"application_set_id":"string"}]],"description_kind":"plain","computed":true},"limit":{"type":"number","description_kind":"plain","optional":true},"name":{"type":"string","description_kind":"plain","optional":true},"offset":{"type":"number","description_kind":"plain","optional":true}},"description_kind":"plain"}},"dna_applications_count":{"version":0,"block":{"attributes":{"id":{"type":"string","description_kind":"plain","optional":true,"computed":true},"response":{"type":"number","description_kind":"plain","computed":true}},"description_kind":"plain"}},"dna_command_runner_keywords":{"version":0,"block":{"attributes":{"id":{"type":"string","description_kind":"plain","optional":true,"computed":true},"items":{"type":["list","string"],"description_kind":"plain","computed":true}},"description_kind":"plain"}},"dna_command_runner_run_command":{"version":0,"block":{"attributes":{"commands":{"type":["list","string"],"description_kind":"plain","optional":true},"description":{"type":"string","description_kind":"plain","optional":true},"device_uuids":{"type":["list","string"],"description_kind":"plain","optional":true},"id":{"type":"string","description_kind":"plain","optional":true,"computed":true},"name":{"type":"string","description_kind":"plain","optional":true},"task_id":{"type":"string","description_kind":"plain","computed":true},"timeout":{"type":"number","description_kind":"plain","optional":true}},"description_kind":"plain"}},"dna_discovery_all_delete":{"version":0,"block":{"attributes":{"id":{"type":"string","description_kind":"plain","optional":true,"computed":true}},"description_kind":"plain"}},"dna_discovery_count":{"version":0,"block":{"attributes":{"id":{"type":"string","description":"Discovery ID","description_kind":"plain","required":true},"response":{"type":"number","description_kind":"plain","computed":true},"task_id":{"type":"string","description_kind":"plain","optional":true}},"description_kind":"plain"}},"dna_discovery_device":{"version":0,"block":{"attributes":{"id":{"type":"string","description_kind":"plain","required":true},"items":{"type":["list",["object",{"anchor_wlc_for_ap":"string","auth_model_id":"string","avg_update_frequency":"number","boot_date_time":"string","cli_status":"string","duplicate_device_id":"string","error_code":"string","error_description":"string","family":"string","hostname":"string","http_status":"string","id":"string","image_name":"string","ingress_queue_config":"string","interface_count":"string","inventory_collection_status":"string","inventory_reachability_status":"string","last_updated":"string","line_card_count":"string","line_card_id":"string","location":"string","location_name":"string","mac_address":"string","management_ip_address":"string","memory_size":"string","netconf_status":"string","num_updates":"number","ping_status":"string","platform_id":"string","port_range":"string","qos_status":"string","reachability_failure_reason":"string","reachability_status":"string","role":"string","role_source":"string","serial_number":"string","snmp_contact":"string","snmp_location":"string","snmp_status":"string","software_version":"string","tag":"string","tag_count":"number","type":"string","up_time":"number","vendor":"string","wlc_ap_device_status":"string"}]],"description_kind":"plain","computed":true},"task_id":{"type":"string","description_kind":"plain","optional":true}},"description_kind":"plain"}},"dna_discovery_device_count":{"version":0,"block":{"attributes":{"id":{"type":"string","description_kind":"plain","optional":true,"computed":true},"response":{"type":"number","description_kind":"plain","computed":true}},"description_kind":"plain"}},"dna_discovery_device_range":{"version":0,"block":{"attributes":{"id":{"type":"string","description_kind":"plain","required":true},"items":{"type":["list",["object",{"anchor_wlc_for_ap":"string","auth_model_id":"string","avg_update_frequency":"number","boot_date_time":"string","cli_status":"string","duplicate_device_id":"string","error_code":"string","error_description":"string","family":"string","hostname":"string","http_status":"string","id":"string","image_name":"string","ingress_queue_config":"string","interface_count":"string","inventory_collection_status":"string","inventory_reachability_status":"string","last_updated":"string","line_card_count":"string","line_card_id":"string","location":"string","location_name":"string","mac_address":"string","management_ip_address":"string","memory_size":"string","netconf_status":"string","num_updates":"number","ping_status":"string","platform_id":"string","port_range":"string","qos_status":"string","reachability_failure_reason":"string","reachability_status":"string","role":"string","role_source":"string","serial_number":"string","snmp_contact":"string","snmp_location":"string","snmp_status":"string","software_version":"string","tag":"string","tag_count":"number","type":"string","up_time":"number","vendor":"string","wlc_ap_device_status":"string"}]],"description_kind":"plain","computed":true},"records_to_return":{"type":"number","description_kind":"plain","required":true},"start_index":{"type":"number","description_kind":"plain","required":true},"task_id":{"type":"string","description_kind":"plain","optional":true}},"description_kind":"plain"}},"dna_discovery_job":{"version":0,"block":{"attributes":{"id":{"type":"string","description_kind":"plain","required":true},"ip_address":{"type":"string","description_kind":"plain","optional":true},"items":{"type":["list",["object",{"attribute_info":"string","cli_status":"string","discovery_status":"string","end_time":"string","http_status":"string","id":"string","inventory_collection_status":"string","inventory_reachability_status":"string","ip_address":"string","job_status":"string","name":"string","netconf_status":"string","ping_status":"string","snmp_status":"string","start_time":"string","task_id":"string"}]],"description_kind":"plain","computed":true},"limit":{"type":"number","description_kind":"plain","optional":true},"offset":{"type":"number","description_kind":"plain","optional":true}},"description_kind":"plain"}},"dna_discovery_jobs":{"version":0,"block":{"attributes":{"id":{"type":"string","description_kind":"plain","optional":true,"computed":true},"ip_address":{"type":"string","description_kind":"plain","required":true},"items":{"type":["list",["object",{"attribute_info":"string","cli_status":"string","discovery_status":"string","end_time":"number","http_status":"string","id":"string","inventory_collection_status":"string","inventory_reachability_status":"string","ip_address":"string","job_status":"string","name":"string","netconf_status":"string","ping_status":"string","snmp_status":"string","start_time":"number","task_id":"string"}]],"description_kind":"plain","computed":true},"limit":{"type":"number","description_kind":"plain","optional":true},"name":{"type":"string","description_kind":"plain","optional":true},"offset":{"type":"number","description_kind":"plain","optional":true}},"description_kind":"plain"}},"dna_discovery_range":{"version":0,"block":{"attributes":{"id":{"type":"string","description_kind":"plain","optional":true,"computed":true},"items":{"type":["list",["object",{"cdp_level":"number","device_ids":"string","discovery_condition":"string","discovery_status":"string","discovery_type":"string","enable_password_list":["list","string"],"global_credential_id_list":["list","string"],"http_read_credential":["list",["object",{"comments":"string","credential_type":"string","description":"string","id":"string","instance_tenant_id":"string","instance_uuid":"string","password":"string","port":"number","secure":"bool","username":"string"}]],"http_write_credential":["list",["object",{"comments":"string","credential_type":"string","description":"string","id":"string","instance_tenant_id":"string","instance_uuid":"string","password":"string","port":"number","secure":"bool","username":"string"}]],"id":"string","ip_address_list":"string","ip_filter_list":["list","string"],"is_auto_cdp":"bool","lldp_level":"number","name":"string","netconf_port":"string","no_add_new_device":"bool","num_devices":"number","parent_discovery_id":"string","password_list":["list","string"],"preferred_mgmt_ip_method":"string","protocol_order":"string","re_discovery":"bool","retry":"number","snmp_auth_passphrase":"string","snmp_auth_protocol":"string","snmp_mode":"string","snmp_priv_passphrase":"string","snmp_priv_protocol":"string","snmp_ro_community":"string","snmp_ro_community_desc":"string","snmp_rw_community":"string","snmp_rw_community_desc":"string","snmp_user_name":"string","snmp_version":"string","timeout":"number","update_mgmt_ip":"bool","user_name_list":["list","string"]}]],"description_kind":"plain","computed":true},"records_to_return":{"type":"number","description_kind":"plain","required":true},"start_index":{"type":"number","description_kind":"plain","required":true}},"description_kind":"plain"}},"dna_discovery_range_delete":{"version":0,"block":{"attributes":{"id":{"type":"string","description_kind":"plain","optional":true,"computed":true},"records_to_delete":{"type":"number","description_kind":"plain","required":true},"start_index":{"type":"number","description_kind":"plain","required":true}},"description_kind":"plain"}},"dna_discovery_snmp_property":{"version":0,"block":{"attributes":{"id":{"type":"string","description_kind":"plain","optional":true,"computed":true},"items":{"type":["list",["object",{"id":"string","instance_tenant_id":"string","instance_uuid":"string","int_value":"number","system_property_name":"string"}]],"description_kind":"plain","computed":true}},"description_kind":"plain"}},"dna_discovery_snmp_property_add":{"version":0,"block":{"attributes":{"id":{"type":"string","description_kind":"plain","optional":true,"computed":true}},"block_types":{"items":{"nesting_mode":"list","block":{"attributes":{"id":{"type":"string","description_kind":"plain","optional":true},"instance_tenant_id":{"type":"string","description_kind":"plain","optional":true},"instance_uuid":{"type":"string","description_kind":"plain","optional":true},"int_value":{"type":"number","description_kind":"plain","optional":true},"system_property_name":{"type":"string","description_kind":"plain","required":true}},"description_kind":"plain"},"min_items":1}},"description_kind":"plain"}},"dna_discovery_summary":{"version":0,"block":{"attributes":{"cli_status":{"type":["list","string"],"description_kind":"plain","optional":true,"computed":true},"http_status":{"type":["list","string"],"description_kind":"plain","optional":true,"computed":true},"id":{"type":"string","description":"Discovery ID","description_kind":"plain","required":true},"ip_address":{"type":["list","string"],"description_kind":"plain","optional":true,"computed":true},"netconf_status":{"type":["list","string"],"description_kind":"plain","optional":true,"computed":true},"ping_status":{"type":["list","string"],"description_kind":"plain","optional":true,"computed":true},"response":{"type":"number","description_kind":"plain","computed":true},"snmp_status":{"type":["list","string"],"description_kind":"plain","optional":true,"computed":true},"sort_by":{"type":"string","description_kind":"plain","optional":true,"computed":true},"sort_order":{"type":"string","description_kind":"plain","optional":true,"computed":true},"task_id":{"type":"string","description_kind":"plain","optional":true,"computed":true}},"description_kind":"plain"}},"dna_global_credentials":{"version":0,"block":{"attributes":{"credential_sub_type":{"type":"string","description_kind":"plain","required":true},"id":{"type":"string","description_kind":"plain","optional":true,"computed":true},"items":{"type":["list",["object",{"comments":"string","credential_type":"string","description":"string","id":"string","instance_tenant_id":"string","instance_uuid":"string"}]],"description_kind":"plain","computed":true},"order":{"type":"string","description_kind":"plain","optional":true},"sort_by":{"type":"string","description_kind":"plain","optional":true}},"description_kind":"plain"}},"dna_network":{"version":0,"block":{"attributes":{"id":{"type":"string","description_kind":"plain","optional":true,"computed":true},"items":{"type":["list",["object",{"group_uuid":"string","inherited_group_name":"string","inherited_group_uuid":"string","instance_type":"string","instance_uuid":"string","key":"string","namespace":"string","type":"string","value":"string","version":"number"}]],"description_kind":"plain","computed":true},"site_id":{"type":"string","description_kind":"plain","optional":true}},"description_kind":"plain"}},"dna_network_device_credential":{"version":0,"block":{"attributes":{"id":{"type":"string","description_kind":"plain","optional":true,"computed":true},"items":{"type":["list",["object",{"cli":["list",["object",{"comments":"string","credential_type":"string","description":"string","enable_password":"string","id":"string","instance_tenant_id":"string","instance_uuid":"string","password":"string","username":"string"}]],"http_read":["list",["object",{"comments":"string","credential_type":"string","description":"string","id":"string","instance_tenant_id":"string","instance_uuid":"string","password":"string","port":"number","secure":"bool","username":"string"}]],"http_write":["list",["object",{"comments":"string","credential_type":"string","description":"string","id":"string","instance_tenant_id":"string","instance_uuid":"string","password":"string","port":"number","secure":"bool","username":"string"}]],"snmp_v2_read":["list",["object",{"comments":"string","credential_type":"string","description":"string","id":"string","instance_tenant_id":"string","instance_uuid":"string","read_community":"string"}]],"snmp_v2_write":["list",["object",{"comments":"string","credential_type":"string","description":"string","id":"string","instance_tenant_id":"string","instance_uuid":"string","write_community":"string"}]],"snmp_v3":["list",["object",{"auth_password":"string","auth_type":"string","comments":"string","credential_type":"string","description":"string","id":"string","instance_tenant_id":"string","instance_uuid":"string","privacy_password":"string","privacy_type":"string","snmp_mode":"string","username":"string"}]]}]],"description_kind":"plain","computed":true},"site_id":{"type":"string","description_kind":"plain","optional":true}},"description_kind":"plain"}},"dna_network_global_ip_pool":{"version":0,"block":{"attributes":{"id":{"type":"string","description_kind":"plain","optional":true,"computed":true},"items":{"type":["list",["object",{"client_options":"string","configure_external_dhcp":"bool","context":["list",["object",{"context_key":"string","context_value":"string","owner":"string"}]],"create_time":"number","dhcp_server_ips":["list","string"],"dns_server_ips":["list","string"],"gateways":["list","string"],"id":"string","ip_pool_cidr":"string","ip_pool_name":"string","ipv6":"bool","last_update_time":"number","overlapping":"bool","owner":"string","parent_uuid":"string","shared":"bool","total_ip_address_count":"number","used_ip_address_count":"number","used_percentage":"string"}]],"description_kind":"plain","computed":true},"limit":{"type":"number","description_kind":"plain","optional":true},"offset":{"type":"number","description_kind":"plain","optional":true}},"description_kind":"plain"}},"dna_network_service_provider_profile":{"version":0,"block":{"attributes":{"id":{"type":"string","description_kind":"plain","optional":true,"computed":true},"items":{"type":["list",["object",{"group_uuid":"string","inherited_group_name":"string","inherited_group_uuid":"string","instance_type":"string","instance_uuid":"string","key":"string","namespace":"string","type":"string","value":["list",["object",{"sla_profile_name":"string","sp_profile_name":"string","wan_provider":"string"}]],"version":"number"}]],"description_kind":"plain","computed":true}},"description_kind":"plain"}},"dna_pnp_device":{"version":0,"block":{"attributes":{"cm_state":{"type":["list","string"],"description_kind":"plain","optional":true},"hostname":{"type":"string","description_kind":"plain","optional":true},"id":{"type":"string","description_kind":"plain","optional":true,"computed":true},"items":{"type":["list",["object",{"day_zero_config":["list",["object",{"config":"string"}]],"day_zero_config_preview":"string","device_info":["list",["object",{"aaa_credentials":["list",["object",{"password":"string","username":"string"}]],"added_on":"number","addn_mac_addrs":["list","string"],"agent_type":"string","auth_status":"string","authenticated_mic_number":"string","authenticated_sudi_serial_no":"string","capabilities_supported":["list","string"],"cm_state":"string","description":"string","device_sudi_serial_nos":["list","string"],"device_type":"string","features_supported":["list","string"],"file_system_list":["list",["object",{"freespace":"number","name":"string","readable":"bool","size":"number","type":"string","writeable":"bool"}]],"first_contact":"number","hostname":"string","http_headers":["list",["object",{"key":"string","value":"string"}]],"image_file":"string","image_version":"string","ip_interfaces":["list",["object",{"ipv4_address":"string","ipv6_address_list":["list","string"],"mac_address":"string","name":"string","status":"string"}]],"last_contact":"number","last_sync_time":"number","last_update_on":"number","location":["list",["object",{"address":"string","altitude":"string","latitude":"string","longitude":"string","site_id":"string"}]],"mac_address":"string","mode":"string","name":"string","neighbor_links":["list",["object",{"local_interface_name":"string","local_mac_address":"string","local_short_interface_name":"string","remote_device_name":"string","remote_interface_name":"string","remote_mac_address":"string","remote_platform":"string","remote_short_interface_name":"string","remote_version":"string"}]],"onb_state":"string","pid":"string","pnp_profile_list":["list",["object",{"created_by":"string","discovery_created":"bool","primary_endpoint":["list",["object",{"certificate":"string","fqdn":"string","ipv4_address":"string","ipv6_address":"string","port":"number","protocol":"string"}]],"profile_name":"string","secondary_endpoint":["list",["object",{"certificate":"string","fqdn":"string","ipv4_address":"string","ipv6_address":"string","port":"string","protocol":"string"}]]}]],"populate_inventory":"bool","pre_workflow_cli_ouputs":["list",["object",{"cli":"string","cli_output":"string"}]],"project_id":"string","project_name":"string","reload_requested":"bool","serial_number":"string","site_id":"string","site_name":"string","smart_account_id":"string","source":"string","stack":"bool","stack_info":["list",["object",{"is_full_ring":"bool","stack_member_list":["list",["object",{"hardware_version":"string","license_level":"string","license_type":"string","mac_address":"string","pid":"string","priority":"number","role":"string","serial_number":"string","software_version":"string","stack_number":"number","state":"string","sudi_serial_number":"string"}]],"stack_ring_protocol":"string","supports_stack_workflows":"bool","total_member_count":"number","valid_license_levels":["list","string"]}]],"state":"string","sudi_required":"bool","tags":"string","user_mic_numbers":["list","string"],"user_sudi_serial_nos":["list","string"],"virtual_account_id":"string","workflow_id":"string","workflow_name":"string"}]],"id":"string","run_summary_list":["list",["object",{"details":"string","error_flag":"bool","history_task_info":["list",["object",{"addn_details":["list",["object",{"key":"string","value":"string"}]],"name":"string","time_taken":"number","type":"string","work_item_list":["list",["object",{"command":"string","end_time":"number","output_str":"string","start_time":"number","state":"string","time_taken":"number"}]]}]],"timestamp":"number"}]],"system_reset_workflow":["list",["object",{"add_to_inventory":"bool","added_on":"number","config_id":"string","curr_task_idx":"number","description":"string","end_time":"number","exec_time":"number","id":"string","image_id":"string","instance_type":"string","lastupdate_on":"number","name":"string","start_time":"number","state":"string","tasks":["list",["object",{"curr_work_item_idx":"number","end_time":"number","name":"string","start_time":"number","state":"string","task_seq_no":"number","time_taken":"number","type":"string","work_item_list":["list",["object",{"command":"string","end_time":"number","output_str":"string","start_time":"number","state":"string","time_taken":"number"}]]}]],"tenant_id":"string","type":"string","use_state":"string","version":"number"}]],"system_workflow":["list",["object",{"add_to_inventory":"bool","added_on":"number","config_id":"string","curr_task_idx":"number","description":"string","end_time":"number","exec_time":"number","id":"string","image_id":"string","instance_type":"string","lastupdate_on":"number","name":"string","start_time":"number","state":"string","tasks":["list",["object",{"curr_work_item_idx":"number","end_time":"number","name":"string","start_time":"number","state":"string","task_seq_no":"number","time_taken":"number","type":"string","work_item_list":["list",["object",{"command":"string","end_time":"number","output_str":"string","start_time":"number","state":"string","time_taken":"number"}]]}]],"tenant_id":"string","type":"string","use_state":"string","version":"number"}]],"tenant_id":"string","version":"number","workflow":["list",["object",{"add_to_inventory":"bool","added_on":"number","config_id":"string","curr_task_idx":"number","description":"string","end_time":"number","exec_time":"number","id":"string","image_id":"string","instance_type":"string","lastupdate_on":"number","name":"string","start_time":"number","state":"string","tasks":["list",["object",{"curr_work_item_idx":"number","end_time":"number","name":"string","start_time":"number","state":"string","task_seq_no":"number","time_taken":"number","type":"string","work_item_list":["list",["object",{"command":"string","end_time":"number","output_str":"string","start_time":"number","state":"string","time_taken":"number"}]]}]],"tenant_id":"string","type":"string","use_state":"string","version":"number"}]],"workflow_parameters":["list",["object",{"config_list":["list",["object",{"config_id":"string","config_parameters":["list",["object",{"key":"string","value":"string"}]]}]],"license_level":"string","license_type":"string","top_of_stack_serial_number":"string"}]]}]],"description_kind":"plain","computed":true},"last_contact":{"type":"bool","description_kind":"plain","optional":true},"mac_address":{"type":"string","description_kind":"plain","optional":true},"name":{"type":["list","string"],"description_kind":"plain","optional":true},"onb_state":{"type":["list","string"],"description_kind":"plain","optional":true},"pid":{"type":["list","string"],"description_kind":"plain","optional":true},"project_id":{"type":["list","string"],"description_kind":"plain","optional":true},"project_name":{"type":["list","string"],"description_kind":"plain","optional":true},"serial_number":{"type":["list","string"],"description_kind":"plain","optional":true},"site_name":{"type":"string","description_kind":"plain","optional":true},"smart_account_id":{"type":["list","string"],"description_kind":"plain","optional":true},"sort":{"type":["list","string"],"description_kind":"plain","optional":true},"sort_order":{"type":"string","description_kind":"plain","optional":true},"source":{"type":["list","string"],"description_kind":"plain","optional":true},"state":{"type":["list","string"],"description_kind":"plain","optional":true},"virtual_account_id":{"type":["list","string"],"description_kind":"plain","optional":true},"workflow_id":{"type":["list","string"],"description_kind":"plain","optional":true},"workflow_name":{"type":["list","string"],"description_kind":"plain","optional":true}},"description_kind":"plain"}},"dna_pnp_device_claim":{"version":0,"block":{"attributes":{"config_file_url":{"type":"string","description_kind":"plain","optional":true},"config_id":{"type":"string","description_kind":"plain","optional":true},"file_service_id":{"type":"string","description_kind":"plain","optional":true},"id":{"type":"string","description_kind":"plain","optional":true,"computed":true},"image_id":{"type":"string","description_kind":"plain","optional":true},"image_url":{"type":"string","description_kind":"plain","optional":true},"item":{"type":["list",["object",{"json_array_response":["list","string"],"json_response":"string","message":"string","status_code":"number"}]],"description_kind":"plain","computed":true},"populate_inventory":{"type":"bool","description_kind":"plain","optional":true},"project_id":{"type":"string","description_kind":"plain","optional":true},"workflow_id":{"type":"string","description_kind":"plain","optional":true}},"block_types":{"device_claim_list":{"nesting_mode":"list","block":{"attributes":{"device_id":{"type":"string","description_kind":"plain","optional":true},"license_level":{"type":"string","description_kind":"plain","optional":true},"license_type":{"type":"string","description_kind":"plain","optional":true},"top_of_stack_serial_number":{"type":"string","description_kind":"plain","optional":true}},"block_types":{"config_list":{"nesting_mode":"list","block":{"attributes":{"config_id":{"type":"string","description_kind":"plain","optional":true}},"block_types":{"config_parameters":{"nesting_mode":"list","block":{"attributes":{"key":{"type":"string","description_kind":"plain","optional":true},"value":{"type":"string","description_kind":"plain","optional":true}},"description_kind":"plain"}}},"description_kind":"plain"}}},"description_kind":"plain"}}},"description_kind":"plain"}},"dna_pnp_device_claim_site":{"version":0,"block":{"attributes":{"device_id":{"type":"string","description_kind":"plain","optional":true},"id":{"type":"string","description_kind":"plain","optional":true,"computed":true},"item":{"type":["list",["object",{"response":"string","version":"string"}]],"description_kind":"plain","computed":true},"site_id":{"type":"string","description_kind":"plain","optional":true},"type":{"type":"string","description_kind":"plain","optional":true}},"description_kind":"plain"}},"dna_pnp_device_config_preview":{"version":0,"block":{"attributes":{"device_id":{"type":"string","description_kind":"plain","optional":true},"id":{"type":"string","description_kind":"plain","optional":true,"computed":true},"item":{"type":["list",["object",{"response":["list",["object",{"complete":"bool","config":"string","error":"bool","error_message":"string","expired_time":"number","rf_profile":"string","sensor_profile":"string","site_id":"string","start_time":"number","task_id":"string"}]],"version":"string"}]],"description_kind":"plain","computed":true},"site_id":{"type":"string","description_kind":"plain","optional":true},"type":{"type":"string","description_kind":"plain","optional":true}},"description_kind":"plain"}},"dna_pnp_device_count":{"version":0,"block":{"attributes":{"cm_state":{"type":["list","string"],"description_kind":"plain","optional":true},"id":{"type":"string","description_kind":"plain","optional":true,"computed":true},"last_contact":{"type":"bool","description_kind":"plain","optional":true},"name":{"type":["list","string"],"description_kind":"plain","optional":true},"onb_state":{"type":["list","string"],"description_kind":"plain","optional":true},"pid":{"type":["list","string"],"description_kind":"plain","optional":true},"project_id":{"type":["list","string"],"description_kind":"plain","optional":true},"project_name":{"type":["list","string"],"description_kind":"plain","optional":true},"response":{"type":"number","description_kind":"plain","computed":true},"serial_number":{"type":["list","string"],"description_kind":"plain","optional":true},"smart_account_id":{"type":["list","string"],"description_kind":"plain","optional":true},"source":{"type":["list","string"],"description_kind":"plain","optional":true},"state":{"type":["list","string"],"description_kind":"plain","optional":true},"virtual_account_id":{"type":["list","string"],"description_kind":"plain","optional":true},"workflow_id":{"type":["list","string"],"description_kind":"plain","optional":true},"workflow_name":{"type":["list","string"],"description_kind":"plain","optional":true}},"description_kind":"plain"}},"dna_pnp_device_history":{"version":0,"block":{"attributes":{"id":{"type":"string","description_kind":"plain","optional":true,"computed":true},"items":{"type":["list",["object",{"details":"string","error_flag":"bool","history_task_info":["list",["object",{"addn_details":["list",["object",{"key":"string","value":"string"}]],"name":"string","time_taken":"number","type":"string","work_item_list":["list",["object",{"command":"string","end_time":"number","output_str":"string","start_time":"number","state":"string","time_taken":"number"}]]}]],"timestamp":"number"}]],"description_kind":"plain","computed":true},"serial_number":{"type":"string","description_kind":"plain","required":true},"sort":{"type":["list","string"],"description_kind":"plain","optional":true},"sort_order":{"type":"string","description_kind":"plain","optional":true}},"description_kind":"plain"}},"dna_pnp_device_reset":{"version":0,"block":{"attributes":{"id":{"type":"string","description_kind":"plain","optional":true,"computed":true},"item":{"type":["list",["object",{"json_array_response":["list","string"],"json_response":"string","message":"string","status_code":"number"}]],"description_kind":"plain","computed":true},"project_id":{"type":"string","description_kind":"plain","optional":true},"workflow_id":{"type":"string","description_kind":"plain","optional":true}},"block_types":{"device_reset_list":{"nesting_mode":"list","block":{"attributes":{"device_id":{"type":"string","description_kind":"plain","optional":true},"license_level":{"type":"string","description_kind":"plain","optional":true},"license_type":{"type":"string","description_kind":"plain","optional":true},"top_of_stack_serial_number":{"type":"string","description_kind":"plain","optional":true}},"block_types":{"config_list":{"nesting_mode":"list","block":{"attributes":{"config_id":{"type":"string","description_kind":"plain","optional":true}},"block_types":{"config_parameters":{"nesting_mode":"list","block":{"attributes":{"key":{"type":"string","description_kind":"plain","optional":true},"value":{"type":"string","description_kind":"plain","optional":true}},"description_kind":"plain"}}},"description_kind":"plain"}}},"description_kind":"plain"}}},"description_kind":"plain"}},"dna_pnp_device_sync_result_vacct":{"version":0,"block":{"attributes":{"domain":{"type":"string","description_kind":"plain","required":true},"id":{"type":"string","description_kind":"plain","optional":true,"computed":true},"item":{"type":["list",["object",{"auto_sync_period":"number","cco_user":"string","expiry":"number","last_sync":"number","profile":["list",["object",{"address_fqdn":"string","address_ip_v4":"string","cert":"string","make_default":"bool","name":"string","port":"number","profile_id":"string","proxy":"bool"}]],"smart_account_id":"string","sync_result":["list",["object",{"sync_list":["list",["object",{"device_sn_list":["list","string"],"sync_type":"string"}]],"sync_msg":"string"}]],"sync_result_str":"string","sync_start_time":"number","sync_status":"string","tenant_id":"string","token":"string","virtual_account_id":"string"}]],"description_kind":"plain","computed":true},"name":{"type":"string","description_kind":"plain","required":true}},"description_kind":"plain"}},"dna_pnp_device_sync_vaact":{"version":0,"block":{"attributes":{"id":{"type":"string","description_kind":"plain","optional":true,"computed":true},"item":{"type":["list",["object",{"auto_sync_period":"number","cco_user":"string","expiry":"number","last_sync":"number","profile":["list",["object",{"address_fqdn":"string","address_ip_v4":"string","cert":"string","make_default":"bool","name":"string","port":"number","profile_id":"string","proxy":"bool"}]],"smart_account_id":"string","sync_result":["list",["object",{"sync_list":["list",["object",{"device_sn_list":["list","string"],"sync_type":"string"}]],"sync_msg":"string"}]],"sync_result_str":"string","sync_start_time":"number","sync_status":"string","tenant_id":"string","token":"string","virtual_account_id":"string"}]],"description_kind":"plain","computed":true}},"block_types":{"request":{"nesting_mode":"list","block":{"attributes":{"auto_sync_period":{"type":"number","description_kind":"plain","optional":true},"cco_user":{"type":"string","description_kind":"plain","optional":true},"expiry":{"type":"number","description_kind":"plain","optional":true},"last_sync":{"type":"number","description_kind":"plain","optional":true},"smart_account_id":{"type":"string","description_kind":"plain","optional":true},"sync_result_str":{"type":"string","description_kind":"plain","optional":true},"sync_start_time":{"type":"number","description_kind":"plain","optional":true},"sync_status":{"type":"string","description_kind":"plain","optional":true},"tenant_id":{"type":"string","description_kind":"plain","optional":true},"token":{"type":"string","description_kind":"plain","optional":true},"virtual_account_id":{"type":"string","description_kind":"plain","optional":true}},"block_types":{"profile":{"nesting_mode":"list","block":{"attributes":{"address_fqdn":{"type":"string","description_kind":"plain","optional":true},"address_ip_v4":{"type":"string","description_kind":"plain","optional":true},"cert":{"type":"string","description_kind":"plain","optional":true},"make_default":{"type":"bool","description_kind":"plain","optional":true},"name":{"type":"string","description_kind":"plain","optional":true},"port":{"type":"number","description_kind":"plain","optional":true},"profile_id":{"type":"string","description_kind":"plain","optional":true},"proxy":{"type":"bool","description_kind":"plain","optional":true}},"description_kind":"plain"},"max_items":1},"sync_result":{"nesting_mode":"list","block":{"attributes":{"sync_msg":{"type":"string","description_kind":"plain","optional":true}},"block_types":{"sync_list":{"nesting_mode":"list","block":{"attributes":{"device_sn_list":{"type":["list","string"],"description_kind":"plain","optional":true},"sync_type":{"type":"string","description_kind":"plain","optional":true}},"description_kind":"plain"}}},"description_kind":"plain"},"max_items":1}},"description_kind":"plain"},"max_items":1}},"description_kind":"plain"}},"dna_pnp_device_unclaim":{"version":0,"block":{"attributes":{"device_id_list":{"type":["list","string"],"description_kind":"plain","required":true},"id":{"type":"string","description_kind":"plain","optional":true,"computed":true},"item":{"type":["list",["object",{"json_array_response":["list","string"],"json_response":"string","message":"string","status_code":"number"}]],"description_kind":"plain","computed":true}},"description_kind":"plain"}},"dna_pnp_global_settings":{"version":0,"block":{"attributes":{"id":{"type":"string","description_kind":"plain","optional":true,"computed":true},"item":{"type":["list",["object",{"aaa_credentials":["list",["object",{"password":"string","username":"string"}]],"accept_eula":"bool","default_profile":["list",["object",{"cert":"string","fqdn_addresses":["list","string"],"ip_addresses":["list","string"],"port":"number","proxy":"bool"}]],"id":"string","sava_mapping_list":["list",["object",{"auto_sync_period":"number","cco_user":"string","expiry":"number","last_sync":"number","profile":["list",["object",{"address_fqdn":"string","address_ip_v4":"string","cert":"string","make_default":"bool","name":"string","port":"number","profile_id":"string","proxy":"bool"}]],"smart_account_id":"string","sync_result":["list",["object",{"sync_list":["list",["object",{"device_sn_list":["list","string"],"sync_type":"string"}]],"sync_msg":"string"}]],"sync_result_str":"string","sync_start_time":"number","sync_status":"string","tenant_id":"string","token":"string","virtual_account_id":"string"}]],"task_time_outs":["list",["object",{"config_time_out":"number","general_time_out":"number","image_download_time_out":"number"}]],"tenant_id":"string","version":"number"}]],"description_kind":"plain","computed":true}},"description_kind":"plain"}},"dna_pnp_smart_account":{"version":0,"block":{"attributes":{"id":{"type":"string","description_kind":"plain","optional":true,"computed":true},"items":{"type":["list","string"],"description_kind":"plain","computed":true}},"description_kind":"plain"}},"dna_pnp_virtual_account":{"version":0,"block":{"attributes":{"domain":{"type":"string","description":"Smart Account Domain","description_kind":"plain","required":true},"id":{"type":"string","description_kind":"plain","optional":true,"computed":true},"items":{"type":["list","string"],"description_kind":"plain","computed":true}},"description_kind":"plain"}},"dna_pnp_workflow":{"version":0,"block":{"attributes":{"id":{"type":"string","description_kind":"plain","optional":true,"computed":true},"items":{"type":["list",["object",{"add_to_inventory":"bool","added_on":"number","config_id":"string","curr_task_idx":"number","description":"string","end_time":"number","exec_time":"number","id":"string","image_id":"string","instance_type":"string","lastupdate_on":"number","name":"string","start_time":"number","state":"string","tasks":["list",["object",{"curr_work_item_idx":"number","end_time":"number","name":"string","start_time":"number","state":"string","task_seq_no":"number","time_taken":"number","type":"string","work_item_list":["list",["object",{"command":"string","end_time":"number","output_str":"string","start_time":"number","state":"string","time_taken":"number"}]]}]],"tenant_id":"string","type":"string","use_state":"string","version":"number"}]],"description_kind":"plain","computed":true},"limit":{"type":"number","description_kind":"plain","optional":true},"name":{"type":["list","string"],"description_kind":"plain","optional":true},"offset":{"type":"number","description_kind":"plain","optional":true},"sort":{"type":["list","string"],"description_kind":"plain","optional":true},"sort_order":{"type":"string","description_kind":"plain","optional":true},"type":{"type":["list","string"],"description_kind":"plain","optional":true}},"description_kind":"plain"}},"dna_pnp_workflow_count":{"version":0,"block":{"attributes":{"id":{"type":"string","description_kind":"plain","optional":true,"computed":true},"name":{"type":["list","string"],"description_kind":"plain","optional":true},"response":{"type":"number","description_kind":"plain","computed":true}},"description_kind":"plain"}},"dna_site":{"version":0,"block":{"attributes":{"id":{"type":"string","description_kind":"plain","optional":true,"computed":true},"items":{"type":["list",["object",{"address":"string","height":"number","id":"string","latitude":"number","length":"number","longitude":"number","name":"string","parent_name":"string","rf_model":"string","type":"string","width":"number"}]],"description_kind":"plain","computed":true},"limit":{"type":"string","description_kind":"plain","optional":true},"name":{"type":"string","description_kind":"plain","optional":true},"offset":{"type":"string","description_kind":"plain","optional":true},"site_id":{"type":"string","description_kind":"plain","optional":true},"type":{"type":"string","description_kind":"plain","optional":true}},"description_kind":"plain"}},"dna_site_count":{"version":0,"block":{"attributes":{"id":{"type":"string","description_kind":"plain","optional":true,"computed":true},"response":{"type":"number","description_kind":"plain","computed":true},"site_id":{"type":"string","description_kind":"plain","optional":true}},"description_kind":"plain"}},"dna_site_health":{"version":0,"block":{"attributes":{"id":{"type":"string","description_kind":"plain","optional":true,"computed":true},"items":{"type":["list",["object",{"access_good_count":"number","access_total_count":"number","application_bytes_total_count":"number","application_good_count":"number","application_health":"number","application_health_stats":["list",["object",{"app_total_count":"number","business_irrelevant_app_fair":"number","business_irrelevant_app_good":"number","business_irrelevant_app_poor":"number","business_relevant_app_fair":"number","business_relevant_app_good":"number","business_relevant_app_poor":"number","default_health_app_fair":"number","default_health_app_good":"number","default_health_app_poor":"number"}]],"application_total_count":"number","client_health_wired":"number","client_health_wireless":"number","core_good_count":"number","core_total_count":"number","distribution_good_count":"number","distribution_total_count":"number","dnac_info":"string","healthy_clients_percentage":"number","healthy_network_device_percentage":"number","latitude":"number","longitude":"number","network_health_access":"number","network_health_average":"number","network_health_core":"number","network_health_distribution":"number","network_health_others":"number","network_health_router":"number","network_health_wireless":"number","number_of_clients":"number","number_of_network_device":"number","number_of_wired_clients":"number","number_of_wireless_clients":"number","overall_good_devices":"number","parent_site_id":"string","parent_site_name":"string","router_good_count":"number","router_total_count":"number","site_id":"string","site_name":"string","site_type":"string","total_number_of_active_wireless_clients":"number","total_number_of_connected_wired_clients":"number","wired_good_clients":"number","wireless_device_good_count":"number","wireless_device_total_count":"number","wireless_good_clients":"number"}]],"description_kind":"plain","computed":true},"timestamp":{"type":"string","description_kind":"plain","optional":true}},"description_kind":"plain"}},"dna_site_membership":{"version":0,"block":{"attributes":{"device_family":{"type":"string","description_kind":"plain","optional":true},"id":{"type":"string","description_kind":"plain","optional":true,"computed":true},"limit":{"type":"string","description_kind":"plain","optional":true},"offset":{"type":"string","description_kind":"plain","optional":true},"response":{"type":["list",["object",{"device":["list",["object",{"message":"string","response":"string","site_id":"string","version":"string"}]],"site":["list",["object",{"response":["list",["object",{"additional_info":"string","group_hierarchy":"string","group_name_hierarchy":"string","group_type_list":["list","string"],"id":"string","instance_tenant_id":"string","name":"string","parent_id":"string"}]],"version":"string"}]]}]],"description_kind":"plain","computed":true},"serial_number":{"type":"string","description_kind":"plain","optional":true},"site_id":{"type":"string","description_kind":"plain","required":true}},"description_kind":"plain"}},"dna_tag":{"version":0,"block":{"attributes":{"attributes":{"type":"string","description_kind":"plain","optional":true},"field":{"type":"string","description_kind":"plain","optional":true},"id":{"type":"string","description_kind":"plain","optional":true,"computed":true},"items":{"type":["list",["object",{"description":"string","dynamic_rules":["list",["object",{"member_type":"string","rules":["list",["object",{"items":["list","string"],"name":"string","operation":"string","value":"string","values":["list","string"]}]]}]],"instance_tenant_id":"string","name":"string","system_tag":"bool"}]],"description_kind":"plain","computed":true},"level":{"type":"string","description_kind":"plain","optional":true},"limit":{"type":"string","description_kind":"plain","optional":true},"name":{"type":"string","description_kind":"plain","optional":true},"name_space":{"type":"string","description_kind":"plain","optional":true},"offset":{"type":"string","description_kind":"plain","optional":true},"order":{"type":"string","description_kind":"plain","optional":true},"size":{"type":"string","description_kind":"plain","optional":true},"sort_by":{"type":"string","description_kind":"plain","optional":true},"system_tag":{"type":"string","description_kind":"plain","optional":true}},"description_kind":"plain"}},"dna_tag_count":{"version":0,"block":{"attributes":{"attribute_name":{"type":"string","description_kind":"plain","optional":true},"id":{"type":"string","description_kind":"plain","optional":true,"computed":true},"level":{"type":"string","description_kind":"plain","optional":true},"name":{"type":"string","description_kind":"plain","optional":true},"name_space":{"type":"string","description_kind":"plain","optional":true},"response":{"type":"number","description_kind":"plain","computed":true},"size":{"type":"string","description_kind":"plain","optional":true},"system_tag":{"type":"string","description_kind":"plain","optional":true}},"description_kind":"plain"}},"dna_tag_member":{"version":0,"block":{"attributes":{"id":{"type":"string","description_kind":"plain","optional":true,"computed":true},"items":{"type":"string","description_kind":"plain","computed":true},"level":{"type":"string","description_kind":"plain","optional":true},"limit":{"type":"number","description_kind":"plain","optional":true},"member_association_type":{"type":"string","description_kind":"plain","optional":true},"member_type":{"type":"string","description_kind":"plain","required":true},"offset":{"type":"number","description_kind":"plain","optional":true},"tag_id":{"type":"string","description_kind":"plain","required":true}},"description_kind":"plain"}},"dna_tag_member_count":{"version":0,"block":{"attributes":{"id":{"type":"string","description_kind":"plain","required":true},"level":{"type":"string","description_kind":"plain","optional":true},"member_association_type":{"type":"string","description_kind":"plain","optional":true},"member_type":{"type":"string","description_kind":"plain","optional":true},"response":{"type":"number","description_kind":"plain","computed":true}},"description_kind":"plain"}},"dna_tag_member_type":{"version":0,"block":{"attributes":{"id":{"type":"string","description_kind":"plain","optional":true,"computed":true},"items":{"type":["list","string"],"description_kind":"plain","computed":true}},"description_kind":"plain"}},"dna_task":{"version":0,"block":{"attributes":{"id":{"type":"string","description_kind":"plain","optional":true,"computed":true},"response":{"type":"string","description_kind":"plain","computed":true},"task_id":{"type":"string","description_kind":"plain","required":true}},"description_kind":"plain"}},"dna_template":{"version":0,"block":{"attributes":{"filter_conflicting_templates":{"type":"bool","description_kind":"plain","optional":true},"id":{"type":"string","description_kind":"plain","optional":true,"computed":true},"items":{"type":["list",["object",{"composite":"bool","name":"string","project_id":"string","project_name":"string","template_id":"string","versions_info":["list",["object",{"author":"string","description":"string","id":"string","version":"string","version_comment":"string","version_time":"number"}]]}]],"description_kind":"plain","computed":true},"product_family":{"type":"string","description_kind":"plain","optional":true},"product_series":{"type":"string","description_kind":"plain","optional":true},"product_type":{"type":"string","description_kind":"plain","optional":true},"project_id":{"type":"string","description_kind":"plain","optional":true},"software_type":{"type":"string","description_kind":"plain","optional":true},"software_version":{"type":"string","description_kind":"plain","optional":true}},"description_kind":"plain"}},"dna_template_deploy":{"version":0,"block":{"attributes":{"id":{"type":"string","description_kind":"plain","optional":true,"computed":true},"item":{"type":["list",["object",{"deployment_id":"string","deployment_name":"string","devices":["list",["object",{"device_id":"string","duration":"string","end_time":"string","ip_address":"string","name":"string","start_time":"string","status":"string"}]],"duration":"string","end_time":"string","project_name":"string","start_time":"string","status":"string","template_name":"string","template_version":"string"}]],"description_kind":"plain","computed":true}},"block_types":{"member_templates_deployment_info":{"nesting_mode":"list","block":{"attributes":{"force_push_template":{"type":"bool","description_kind":"plain","optional":true},"is_composite":{"type":"bool","description_kind":"plain","optional":true},"main_template_id":{"type":"string","description_kind":"plain","optional":true},"template_id":{"type":"string","description_kind":"plain","optional":true}},"block_types":{"target_info":{"nesting_mode":"list","block":{"attributes":{"hostname":{"type":"string","description_kind":"plain","optional":true},"id":{"type":"string","description_kind":"plain","optional":true},"params":{"type":["map","string"],"description_kind":"plain","optional":true},"type":{"type":"string","description_kind":"plain","optional":true}},"description_kind":"plain"}}},"description_kind":"plain"}},"template_deployment_info":{"nesting_mode":"list","block":{"attributes":{"force_push_template":{"type":"bool","description_kind":"plain","optional":true},"is_composite":{"type":"bool","description_kind":"plain","optional":true},"main_template_id":{"type":"string","description_kind":"plain","optional":true},"template_id":{"type":"string","description_kind":"plain","required":true}},"block_types":{"target_info":{"nesting_mode":"list","block":{"attributes":{"hostname":{"type":"string","description_kind":"plain","optional":true},"id":{"type":"string","description_kind":"plain","optional":true},"params":{"type":["map","string"],"description_kind":"plain","optional":true},"type":{"type":"string","description_kind":"plain","optional":true}},"description_kind":"plain"},"min_items":1}},"description_kind":"plain"},"min_items":1,"max_items":1}},"description_kind":"plain"}},"dna_template_deploy_status":{"version":0,"block":{"attributes":{"deployment_id":{"type":"string","description_kind":"plain","required":true},"id":{"type":"string","description_kind":"plain","optional":true,"computed":true},"item":{"type":["list",["object",{"deployment_id":"string","deployment_name":"string","devices":["list",["object",{"device_id":"string","duration":"string","end_time":"string","ip_address":"string","name":"string","start_time":"string","status":"string"}]],"duration":"string","end_time":"string","project_name":"string","start_time":"string","status":"string","template_name":"string","template_version":"string"}]],"description_kind":"plain","computed":true}},"description_kind":"plain"}},"dna_template_details":{"version":0,"block":{"attributes":{"id":{"type":"string","description_kind":"plain","optional":true,"computed":true},"item":{"type":["list",["object",{"author":"string","composite":"bool","containing_templates":["list",["object",{"composite":"bool","id":"string","name":"string","version":"string"}]],"create_time":"number","description":"string","device_types":["list",["object",{"product_family":"string","product_series":"string","product_type":"string"}]],"failure_policy":"string","id":"string","last_update_time":"number","name":"string","parent_template_id":"string","project_id":"string","project_name":"string","rollback_template_content":"string","rollback_template_params":["list",["object",{"binding":"string","data_type":"string","default_value":"string","description":"string","display_name":"string","group":"string","id":"string","instruction_text":"string","key":"string","not_param":"bool","order":"number","param_array":"bool","parameter_name":"string","provider":"string","range":["list",["object",{"id":"string","max_value":"number","min_value":"number"}]],"required":"bool","selection":["list",["object",{"id":"string","selection_type":"string","selection_values":["map","string"]}]]}]],"software_type":"string","software_variant":"string","software_version":"string","template_content":"string","template_params":["list",["object",{"binding":"string","data_type":"string","default_value":"string","description":"string","display_name":"string","group":"string","id":"string","instruction_text":"string","key":"string","not_param":"bool","order":"number","param_array":"bool","parameter_name":"string","provider":"string","range":["list",["object",{"id":"string","max_value":"number","min_value":"number"}]],"required":"bool","selection":["list",["object",{"id":"string","selection_type":"string","selection_values":["map","string"]}]]}]],"version":"string"}]],"description_kind":"plain","computed":true},"latest_version":{"type":"bool","description_kind":"plain","optional":true},"template_id":{"type":"string","description_kind":"plain","required":true}},"description_kind":"plain"}},"dna_template_preview":{"version":0,"block":{"attributes":{"id":{"type":"string","description_kind":"plain","optional":true,"computed":true},"item":{"type":["list",["object",{"cli_preview":"string","template_id":"string","validation_errors":["list",["object",{"message":"string","type":"string"}]]}]],"description_kind":"plain","computed":true},"params":{"type":["map","string"],"description_kind":"plain","optional":true},"template_id":{"type":"string","description_kind":"plain","required":true}},"description_kind":"plain"}},"dna_template_project":{"version":0,"block":{"attributes":{"id":{"type":"string","description_kind":"plain","optional":true,"computed":true},"items":{"type":["list",["object",{"id":"string","is_deletable":"bool","name":"string","templates":["list",["object",{"composite":"bool","custom_params_order":"bool","document_database":"bool","id":"string","language":"string","last_update_time":"number","latest_version_time":"number","name":"string","project_associated":"bool"}]]}]],"description_kind":"plain","computed":true},"name":{"type":"string","description_kind":"plain","optional":true}},"description_kind":"plain"}},"dna_template_version":{"version":0,"block":{"attributes":{"id":{"type":"string","description_kind":"plain","optional":true,"computed":true},"item":{"type":["list",["object",{"composite":"bool","name":"string","project_id":"string","project_name":"string","template_id":"string","versions_info":["list",["object",{"author":"string","description":"string","id":"string","version":"string","version_comment":"string","version_time":"number"}]]}]],"description_kind":"plain","computed":true},"template_id":{"type":"string","description_kind":"plain","required":true}},"description_kind":"plain"}}}}}}
