{"format_version":"0.2","provider_schemas":{"registry.terraform.io/clevertap/zoom":{"provider":{"version":0,"block":{"attributes":{"zoom_api_key":{"type":"string","description_kind":"plain","optional":true},"zoom_api_secret":{"type":"string","description_kind":"plain","optional":true},"zoom_timeout_minutes":{"type":"number","description_kind":"plain","optional":true}},"description_kind":"plain"}},"resource_schemas":{"zoom_user":{"version":0,"block":{"attributes":{"cms_user_id":{"type":"string","description_kind":"plain","optional":true,"computed":true},"company":{"type":"string","description_kind":"plain","optional":true,"computed":true},"department":{"type":"string","description_kind":"plain","optional":true,"computed":true},"email":{"type":"string","description_kind":"plain","required":true},"first_name":{"type":"string","description_kind":"plain","required":true},"group_id":{"type":"string","description_kind":"plain","optional":true,"computed":true},"host_key":{"type":"string","description_kind":"plain","optional":true,"computed":true},"id":{"type":"string","description_kind":"plain","optional":true,"computed":true},"job_title":{"type":"string","description_kind":"plain","optional":true,"computed":true},"language":{"type":"string","description_kind":"plain","optional":true,"computed":true},"last_name":{"type":"string","description_kind":"plain","required":true},"license_type":{"type":"number","description_kind":"plain","required":true},"location":{"type":"string","description_kind":"plain","optional":true,"computed":true},"manager":{"type":"string","description_kind":"plain","optional":true,"computed":true},"pmi":{"type":"number","description_kind":"plain","optional":true,"computed":true},"pronouns":{"type":"string","description_kind":"plain","optional":true,"computed":true},"pronouns_option":{"type":"number","description_kind":"plain","optional":true,"computed":true},"role_name":{"type":"string","description_kind":"plain","optional":true,"computed":true},"status":{"type":"string","description_kind":"plain","optional":true,"computed":true},"timezone":{"type":"string","description_kind":"plain","optional":true,"computed":true},"use_pmi":{"type":"bool","description_kind":"plain","optional":true,"computed":true},"vanity_name":{"type":"string","description_kind":"plain","optional":true,"computed":true}},"block_types":{"phone_numbers":{"nesting_mode":"set","block":{"attributes":{"code":{"type":"string","description_kind":"plain","optional":true,"computed":true},"country":{"type":"string","description_kind":"plain","optional":true,"computed":true},"label":{"type":"string","description_kind":"plain","optional":true,"computed":true},"number":{"type":"string","description_kind":"plain","optional":true,"computed":true}},"description_kind":"plain"}}},"description_kind":"plain"}}},"data_source_schemas":{"zoom_user":{"version":0,"block":{"attributes":{"cms_user_id":{"type":"string","description_kind":"plain","computed":true},"company":{"type":"string","description_kind":"plain","computed":true},"department":{"type":"string","description_kind":"plain","computed":true},"email":{"type":"string","description_kind":"plain","required":true},"first_name":{"type":"string","description_kind":"plain","computed":true},"group_id":{"type":"string","description_kind":"plain","computed":true},"host_key":{"type":"string","description_kind":"plain","computed":true},"id":{"type":"string","description_kind":"plain","optional":true,"computed":true},"job_title":{"type":"string","description_kind":"plain","computed":true},"language":{"type":"string","description_kind":"plain","computed":true},"last_name":{"type":"string","description_kind":"plain","computed":true},"license_type":{"type":"number","description_kind":"plain","computed":true},"location":{"type":"string","description_kind":"plain","computed":true},"manager":{"type":"string","description_kind":"plain","computed":true},"phone_numbers":{"type":["set",["object",{"code":"string","country":"string","label":"string","number":"string"}]],"description_kind":"plain","computed":true},"pmi":{"type":"number","description_kind":"plain","computed":true},"pronouns":{"type":"string","description_kind":"plain","computed":true},"pronouns_option":{"type":"number","description_kind":"plain","computed":true},"role_name":{"type":"string","description_kind":"plain","computed":true},"status":{"type":"string","description_kind":"plain","computed":true},"timezone":{"type":"string","description_kind":"plain","computed":true},"use_pmi":{"type":"bool","description_kind":"plain","computed":true},"vanity_name":{"type":"string","description_kind":"plain","computed":true}},"description_kind":"plain"}}}}}}
