{"format_version":"0.2","provider_schemas":{"registry.terraform.io/clevertap/hubspot":{"provider":{"version":0,"block":{"attributes":{"client_id":{"type":"string","description_kind":"plain","optional":true,"sensitive":true},"client_secret":{"type":"string","description_kind":"plain","optional":true,"sensitive":true},"refresh_token":{"type":"string","description_kind":"plain","optional":true,"sensitive":true}},"description_kind":"plain"}},"resource_schemas":{"hubspot_user":{"version":0,"block":{"attributes":{"email":{"type":"string","description_kind":"plain","required":true},"id":{"type":"string","description_kind":"plain","optional":true,"computed":true},"role_id":{"type":"string","description_kind":"plain","optional":true,"computed":true}},"description_kind":"plain"}}},"data_source_schemas":{"hubspot_user":{"version":0,"block":{"attributes":{"email":{"type":"string","description_kind":"plain","computed":true},"id":{"type":"string","description_kind":"plain","required":true},"role_id":{"type":"string","description_kind":"plain","computed":true}},"description_kind":"plain"}}}}}}
