{"format_version":"0.2","provider_schemas":{"registry.terraform.io/clevertap/adldap":{"provider":{"version":0,"block":{"attributes":{"bind_account":{"type":"string","description":"The full DN or UPN used to bind to the directory. Can be specified with the `ADLDAP_BIND_ACCOUNT` environment variable.","description_kind":"plain","optional":true},"bind_password":{"type":"string","description":"The password for the bind account. Can be specified with the `ADLDAP_BIND_PASSWORD` environment variable.","description_kind":"plain","optional":true,"sensitive":true},"search_base":{"type":"string","description":"The base DN to use for all LDAP searches. Can be specified with the `ADLDAP_SEARCH_BASE` environment variable.  Default is to autodetect default context.","description_kind":"plain","optional":true},"url":{"type":"string","description":"The URL of the LDAP server, prefixed with ldap:// or ldaps://. Can be specified with the `ADLDAP_URL` environment variable.","description_kind":"plain","optional":true}},"description_kind":"plain"}},"resource_schemas":{"adldap_computer":{"version":0,"block":{"attributes":{"id":{"type":"string","description":"The ID (SAMAccountName) of the user.","description_kind":"plain","computed":true},"organizational_unit":{"type":"string","description":"The OU that the computer should be in.","description_kind":"plain","required":true},"samaccountname":{"type":"string","description":"The SAMAccountName of the computer object, with trailing \"$\".","description_kind":"plain","required":true}},"description":"`adldap_computer` manages a computer account in Active Directory.","description_kind":"plain"}},"adldap_organizational_unit":{"version":0,"block":{"attributes":{"create_parents":{"type":"bool","description":"Whether to create all required parent OUs. These parent OUs will not be managed or removed automatically unless specified in another resource. Defaults to `false`.","description_kind":"plain","optional":true},"distinguished_name":{"type":"string","description":"The full distinguished name of the organizational unit.","description_kind":"plain","required":true},"id":{"type":"string","description":"The ID (DN) of the organizational unit.","description_kind":"plain","computed":true}},"description":"`adldap_organizational_unit` manages an OU in Active Directory.","description_kind":"plain"}},"adldap_service_principal":{"version":0,"block":{"attributes":{"id":{"type":"string","description":"The ID of the SPN in {spn}---{samaccountname} format.","description_kind":"plain","computed":true},"samaccountname":{"type":"string","description":"The account on which to attach the service principal.","description_kind":"plain","required":true},"spn":{"type":"string","description":"The service principal name, usually in `{service}/{fqdn}` format","description_kind":"plain","required":true}},"description":"`adldap_service_principal` manages an SPN attached to a user in Active Directory.","description_kind":"plain"}},"adldap_user":{"version":0,"block":{"attributes":{"description":{"type":"string","description":"Description property of the user.","description_kind":"plain","optional":true},"display_name":{"type":"string","description":"Full name of the user object.  Defaults to the `samaccountname` of the resource.","description_kind":"plain","optional":true,"computed":true},"dont_expire_password":{"type":"bool","description":"Whether the account's password expires according to directory settings.  Defaults to `false`.","description_kind":"plain","optional":true},"email_address":{"type":"string","description":"User's Email Address","description_kind":"plain","optional":true},"enabled":{"type":"bool","description":"Whether the account is enabled.  Defaults to `true`.","description_kind":"plain","optional":true},"given_name":{"type":"string","description":"User's given name.","description_kind":"plain","optional":true},"id":{"type":"string","description":"The ID (SAMAccountName) of the user.","description_kind":"plain","computed":true},"initials":{"type":"string","description":"Initials that represent part of a user's name. Maximum 6 char.","description_kind":"plain","optional":true},"organizational_unit":{"type":"string","description":"The OU that the user should be in.","description_kind":"plain","required":true},"password":{"type":"string","description":"The password for the user.","description_kind":"plain","optional":true,"sensitive":true},"sam_account_name":{"type":"string","description":"The SAMAccountName of the user.","description_kind":"plain","required":true},"service_principal_names":{"type":["set","string"],"description":"A list of the service principal names for the user.","description_kind":"plain","optional":true},"surname":{"type":"string","description":"User's last name or surname.","description_kind":"plain","optional":true},"user_principal_name":{"type":"string","description":"The user principal name of the user.","description_kind":"plain","optional":true}},"description":"`adldap_user` manages a user account in Active Directory.","description_kind":"plain"}}}}}}
