{"format_version":"0.2","provider_schemas":{"registry.terraform.io/cloudboltsoftware/onefuse":{"provider":{"version":0,"block":{"attributes":{"address":{"type":"string","description":"OneFuse REST endpoint service host address","description_kind":"plain","required":true},"password":{"type":"string","description":"OneFuse REST endpoint password","description_kind":"plain","required":true,"sensitive":true},"port":{"type":"string","description":"OneFuse REST endpoint service port number","description_kind":"plain","required":true},"scheme":{"type":"string","description":"OneFuse REST endpoint service http(s) scheme","description_kind":"plain","optional":true},"user":{"type":"string","description":"OneFuse REST endpoint user name","description_kind":"plain","required":true},"verify_ssl":{"type":"bool","description":"Verify SSL certificates for OneFuse endpoints","description_kind":"plain","optional":true}},"description_kind":"plain"}},"resource_schemas":{"onefuse_ansible_tower_deployment":{"version":0,"block":{"attributes":{"hosts":{"type":["list","string"],"description_kind":"plain","optional":true},"id":{"type":"string","description_kind":"plain","optional":true,"computed":true},"inventory_name":{"type":"string","description_kind":"plain","optional":true,"computed":true},"limit":{"type":"string","description_kind":"plain","optional":true},"policy_id":{"type":"number","description_kind":"plain","required":true},"provisioning_job_results":{"type":"string","description_kind":"plain","optional":true,"computed":true},"template_properties":{"type":["map","string"],"description_kind":"plain","optional":true},"workspace_url":{"type":"string","description_kind":"plain","optional":true,"computed":true}},"block_types":{"timeouts":{"nesting_mode":"single","block":{"attributes":{"create":{"type":"string","description_kind":"plain","optional":true},"delete":{"type":"string","description_kind":"plain","optional":true}},"description_kind":"plain"}}},"description_kind":"plain"}},"onefuse_dns_record":{"version":0,"block":{"attributes":{"id":{"type":"string","description_kind":"plain","optional":true,"computed":true},"name":{"type":"string","description_kind":"plain","required":true},"policy_id":{"type":"number","description_kind":"plain","required":true},"template_properties":{"type":["map","string"],"description_kind":"plain","optional":true},"value":{"type":"string","description_kind":"plain","required":true},"workspace_url":{"type":"string","description_kind":"plain","optional":true,"computed":true},"zones":{"type":["list","string"],"description_kind":"plain","required":true}},"block_types":{"timeouts":{"nesting_mode":"single","block":{"attributes":{"create":{"type":"string","description_kind":"plain","optional":true},"delete":{"type":"string","description_kind":"plain","optional":true}},"description_kind":"plain"}}},"description_kind":"plain"}},"onefuse_ipam_record":{"version":0,"block":{"attributes":{"computed_hostname":{"type":"string","description_kind":"plain","computed":true},"dns_search_suffix":{"type":["list","string"],"description_kind":"plain","optional":true},"dns_suffix":{"type":"string","description_kind":"plain","optional":true,"computed":true},"gateway":{"type":"string","description_kind":"plain","optional":true,"computed":true},"hostname":{"type":"string","description_kind":"plain","required":true},"id":{"type":"string","description_kind":"plain","optional":true,"computed":true},"ip_address":{"type":"string","description_kind":"plain","optional":true,"computed":true},"netmask":{"type":"string","description_kind":"plain","optional":true,"computed":true},"network":{"type":"string","description_kind":"plain","optional":true,"computed":true},"nic_label":{"type":"string","description_kind":"plain","optional":true,"computed":true},"policy_id":{"type":"number","description_kind":"plain","required":true},"primary_dns":{"type":"string","description_kind":"plain","optional":true,"computed":true},"secondary_dns":{"type":"string","description_kind":"plain","optional":true,"computed":true},"subnet":{"type":"string","description_kind":"plain","optional":true,"computed":true},"template_properties":{"type":["map","string"],"description_kind":"plain","optional":true},"workspace_url":{"type":"string","description_kind":"plain","optional":true,"computed":true}},"block_types":{"timeouts":{"nesting_mode":"single","block":{"attributes":{"create":{"type":"string","description_kind":"plain","optional":true},"delete":{"type":"string","description_kind":"plain","optional":true}},"description_kind":"plain"}}},"description_kind":"plain"}},"onefuse_microsoft_ad_computer_account":{"version":0,"block":{"attributes":{"final_ou":{"type":"string","description_kind":"plain","optional":true,"computed":true},"id":{"type":"string","description_kind":"plain","optional":true,"computed":true},"name":{"type":"string","description_kind":"plain","optional":true},"policy_id":{"type":"number","description_kind":"plain","required":true},"template_properties":{"type":["map","string"],"description_kind":"plain","optional":true},"workspace_url":{"type":"string","description_kind":"plain","optional":true,"computed":true}},"block_types":{"timeouts":{"nesting_mode":"single","block":{"attributes":{"create":{"type":"string","description_kind":"plain","optional":true},"delete":{"type":"string","description_kind":"plain","optional":true}},"description_kind":"plain"}}},"description_kind":"plain"}},"onefuse_microsoft_ad_policy":{"version":0,"block":{"attributes":{"computer_name_letter_case":{"type":"string","description":"Either Lowercase or Uppercase","description_kind":"plain","required":true},"create_ou":{"type":"bool","description_kind":"plain","optional":true,"computed":true},"description":{"type":"string","description_kind":"plain","optional":true},"id":{"type":"string","description_kind":"plain","optional":true,"computed":true},"microsoft_endpoint_id":{"type":"number","description_kind":"plain","required":true},"name":{"type":"string","description_kind":"plain","optional":true},"ou":{"type":"string","description_kind":"plain","optional":true},"remove_ou":{"type":"bool","description_kind":"plain","optional":true,"computed":true},"security_groups":{"type":["list","string"],"description_kind":"plain","optional":true},"workspace_url":{"type":"string","description_kind":"plain","optional":true,"computed":true}},"block_types":{"timeouts":{"nesting_mode":"single","block":{"attributes":{"create":{"type":"string","description_kind":"plain","optional":true},"delete":{"type":"string","description_kind":"plain","optional":true}},"description_kind":"plain"}}},"description_kind":"plain"}},"onefuse_naming":{"version":0,"block":{"attributes":{"custom_name_id":{"type":"number","description_kind":"plain","optional":true,"computed":true},"dns_suffix":{"type":"string","description_kind":"plain","optional":true,"computed":true},"id":{"type":"string","description_kind":"plain","optional":true,"computed":true},"name":{"type":"string","description_kind":"plain","optional":true,"computed":true},"naming_policy_id":{"type":"string","description_kind":"plain","required":true},"template_properties":{"type":["map","string"],"description":"Fuse Template Properties","description_kind":"plain","optional":true},"workspace_id":{"type":"string","description_kind":"plain","optional":true}},"block_types":{"timeouts":{"nesting_mode":"single","block":{"attributes":{"create":{"type":"string","description_kind":"plain","optional":true},"delete":{"type":"string","description_kind":"plain","optional":true}},"description_kind":"plain"}}},"description_kind":"plain"}},"onefuse_scripting_deployment":{"version":0,"block":{"attributes":{"hostname":{"type":"string","description_kind":"plain","computed":true},"id":{"type":"string","description_kind":"plain","optional":true,"computed":true},"policy_id":{"type":"number","description_kind":"plain","required":true},"provisioning_details":{"type":"string","description_kind":"plain","optional":true,"computed":true},"template_properties":{"type":["map","string"],"description_kind":"plain","optional":true},"workspace_url":{"type":"string","description_kind":"plain","optional":true,"computed":true}},"block_types":{"timeouts":{"nesting_mode":"single","block":{"attributes":{"create":{"type":"string","description_kind":"plain","optional":true},"delete":{"type":"string","description_kind":"plain","optional":true}},"description_kind":"plain"}}},"description_kind":"plain"}},"onefuse_servicenow_cmdb_deployment":{"version":0,"block":{"attributes":{"configuration_items_info":{"type":["list",["map","string"]],"description_kind":"plain","optional":true,"computed":true},"execution_details":{"type":"string","description_kind":"plain","optional":true,"computed":true},"id":{"type":"string","description_kind":"plain","optional":true,"computed":true},"policy_id":{"type":"number","description_kind":"plain","required":true},"template_properties":{"type":["map","string"],"description_kind":"plain","optional":true},"workspace_url":{"type":"string","description_kind":"plain","optional":true,"computed":true}},"block_types":{"timeouts":{"nesting_mode":"single","block":{"attributes":{"create":{"type":"string","description_kind":"plain","optional":true},"delete":{"type":"string","description_kind":"plain","optional":true}},"description_kind":"plain"}}},"description_kind":"plain"}},"onefuse_vra_deployment":{"version":0,"block":{"attributes":{"blueprint_name":{"type":"string","description_kind":"plain","optional":true,"computed":true},"deployment_info":{"type":"string","description_kind":"plain","optional":true,"computed":true},"deployment_name":{"type":"string","description_kind":"plain","required":true},"id":{"type":"string","description_kind":"plain","optional":true,"computed":true},"policy_id":{"type":"number","description_kind":"plain","required":true},"project_name":{"type":"string","description_kind":"plain","optional":true,"computed":true},"template_properties":{"type":["map","string"],"description_kind":"plain","optional":true},"workspace_url":{"type":"string","description_kind":"plain","optional":true,"computed":true}},"block_types":{"timeouts":{"nesting_mode":"single","block":{"attributes":{"create":{"type":"string","description_kind":"plain","optional":true},"delete":{"type":"string","description_kind":"plain","optional":true}},"description_kind":"plain"}}},"description_kind":"plain"}}},"data_source_schemas":{"onefuse_ad_policy":{"version":0,"block":{"attributes":{"description":{"type":"string","description_kind":"plain","computed":true},"id":{"type":"string","description_kind":"plain","computed":true},"name":{"type":"string","description_kind":"plain","required":true}},"description_kind":"plain"}},"onefuse_ansible_tower_policy":{"version":0,"block":{"attributes":{"description":{"type":"string","description_kind":"plain","computed":true},"id":{"type":"string","description_kind":"plain","computed":true},"name":{"type":"string","description_kind":"plain","required":true}},"description_kind":"plain"}},"onefuse_dns_policy":{"version":0,"block":{"attributes":{"description":{"type":"string","description_kind":"plain","computed":true},"id":{"type":"string","description_kind":"plain","computed":true},"name":{"type":"string","description_kind":"plain","required":true}},"description_kind":"plain"}},"onefuse_ipam_policy":{"version":0,"block":{"attributes":{"description":{"type":"string","description_kind":"plain","computed":true},"id":{"type":"string","description_kind":"plain","computed":true},"name":{"type":"string","description_kind":"plain","required":true}},"description_kind":"plain"}},"onefuse_microsoft_endpoint":{"version":0,"block":{"attributes":{"id":{"type":"string","description_kind":"plain","computed":true},"name":{"type":"string","description_kind":"plain","required":true}},"description_kind":"plain"}},"onefuse_naming_policy":{"version":0,"block":{"attributes":{"description":{"type":"string","description_kind":"plain","computed":true},"id":{"type":"string","description_kind":"plain","computed":true},"name":{"type":"string","description_kind":"plain","required":true}},"description_kind":"plain"}},"onefuse_rendered_template":{"version":0,"block":{"attributes":{"id":{"type":"string","description_kind":"plain","optional":true,"computed":true},"template":{"type":"string","description_kind":"plain","required":true},"template_properties":{"type":["map","string"],"description_kind":"plain","required":true},"value":{"type":"string","description_kind":"plain","computed":true}},"description_kind":"plain"}},"onefuse_scripting_policy":{"version":0,"block":{"attributes":{"description":{"type":"string","description_kind":"plain","computed":true},"id":{"type":"string","description_kind":"plain","computed":true},"name":{"type":"string","description_kind":"plain","required":true}},"description_kind":"plain"}},"onefuse_servicenow_cmdb_policy":{"version":0,"block":{"attributes":{"description":{"type":"string","description_kind":"plain","computed":true},"id":{"type":"string","description_kind":"plain","computed":true},"name":{"type":"string","description_kind":"plain","required":true}},"description_kind":"plain"}},"onefuse_static_property_set":{"version":0,"block":{"attributes":{"description":{"type":"string","description_kind":"plain","computed":true},"id":{"type":"string","description_kind":"plain","computed":true},"name":{"type":"string","description_kind":"plain","required":true},"properties":{"type":["map","string"],"description_kind":"plain","computed":true},"raw":{"type":"string","description_kind":"plain","computed":true},"type":{"type":"string","description_kind":"plain","computed":true}},"description_kind":"plain"}},"onefuse_vra_policy":{"version":0,"block":{"attributes":{"description":{"type":"string","description_kind":"plain","computed":true},"id":{"type":"string","description_kind":"plain","computed":true},"name":{"type":"string","description_kind":"plain","required":true}},"description_kind":"plain"}}}}}}
