{"format_version":"0.2","provider_schemas":{"registry.terraform.io/cloudogu/redmine":{"provider":{"version":0,"block":{"attributes":{"api_key":{"type":"string","description_kind":"plain","optional":true},"password":{"type":"string","description_kind":"plain","optional":true,"sensitive":true},"skip_cert_verify":{"type":"bool","description_kind":"plain","optional":true},"url":{"type":"string","description_kind":"plain","optional":true},"username":{"type":"string","description_kind":"plain","optional":true}},"description_kind":"plain"}},"resource_schemas":{"redmine_issue":{"version":0,"block":{"attributes":{"category_id":{"type":"number","description_kind":"plain","optional":true},"created_on":{"type":"string","description_kind":"plain","optional":true,"computed":true},"description":{"type":"string","description_kind":"plain","optional":true},"id":{"type":"string","description_kind":"plain","computed":true},"parent_issue_id":{"type":"number","description_kind":"plain","optional":true},"priority_id":{"type":"number","description_kind":"plain","optional":true},"project_id":{"type":"number","description_kind":"plain","required":true},"subject":{"type":"string","description_kind":"plain","required":true},"tracker_id":{"type":"number","description_kind":"plain","required":true},"updated_on":{"type":"string","description_kind":"plain","optional":true,"computed":true}},"description_kind":"plain"}},"redmine_issue_category":{"version":0,"block":{"attributes":{"id":{"type":"string","description_kind":"plain","computed":true},"name":{"type":"string","description_kind":"plain","required":true},"project_id":{"type":"number","description_kind":"plain","required":true}},"description_kind":"plain"}},"redmine_project":{"version":0,"block":{"attributes":{"created_on":{"type":"string","description_kind":"plain","optional":true,"computed":true},"description":{"type":"string","description_kind":"plain","optional":true},"homepage":{"type":"string","description_kind":"plain","optional":true},"id":{"type":"string","description_kind":"plain","computed":true},"identifier":{"type":"string","description_kind":"plain","required":true},"inherit_members":{"type":"bool","description_kind":"plain","optional":true},"is_public":{"type":"bool","description_kind":"plain","optional":true},"name":{"type":"string","description_kind":"plain","required":true},"parent_id":{"type":"string","description_kind":"plain","optional":true},"updated_on":{"type":"string","description_kind":"plain","optional":true,"computed":true}},"description_kind":"plain"}},"redmine_version":{"version":0,"block":{"attributes":{"created_on":{"type":"string","description_kind":"plain","optional":true,"computed":true},"description":{"type":"string","description_kind":"plain","required":true},"due_date":{"type":"string","description_kind":"plain","optional":true},"id":{"type":"string","description_kind":"plain","computed":true},"name":{"type":"string","description_kind":"plain","required":true},"project_id":{"type":"number","description_kind":"plain","required":true},"status":{"type":"string","description_kind":"plain","optional":true},"updated_on":{"type":"string","description_kind":"plain","optional":true,"computed":true}},"description_kind":"plain"}}}}}}
