{"format_version":"0.2","provider_schemas":{"registry.terraform.io/cloudamqp/cloudamqp":{"provider":{"version":0,"block":{"attributes":{"apikey":{"type":"string","description":"Key used to authentication to the CloudAMQP Customer API","description_kind":"plain","required":true},"baseurl":{"type":"string","description":"Base URL to CloudAMQP Customer website","description_kind":"plain","optional":true}},"description_kind":"plain"}},"resource_schemas":{"cloudamqp_alarm":{"version":0,"block":{"attributes":{"enabled":{"type":"bool","description":"Enable or disable an alarm","description_kind":"plain","required":true},"id":{"type":"string","description_kind":"plain","optional":true,"computed":true},"instance_id":{"type":"number","description":"Instance identifier","description_kind":"plain","required":true},"message_type":{"type":"string","description":"Message types (total, unacked, ready) of the queue to trigger the alarm","description_kind":"plain","optional":true},"queue_regex":{"type":"string","description":"Regex for which queues to check","description_kind":"plain","optional":true},"recipients":{"type":["list","number"],"description":"Identifiers for recipients to be notified.","description_kind":"plain","required":true},"time_threshold":{"type":"number","description":"For how long (in seconds) the value_threshold should be active before trigger alarm","description_kind":"plain","optional":true},"type":{"type":"string","description":"Type of the alarm, valid options are: cpu, memory, disk_usage, queue_length, connection_count, consumers_count, net_split","description_kind":"plain","required":true},"value_threshold":{"type":"number","description":"What value to trigger the alarm for","description_kind":"plain","optional":true},"vhost_regex":{"type":"string","description":"Regex for which vhost the queues are in","description_kind":"plain","optional":true}},"description_kind":"plain"}},"cloudamqp_instance":{"version":0,"block":{"attributes":{"apikey":{"type":"string","description":"API key for the CloudAMQP instance","description_kind":"plain","computed":true,"sensitive":true},"dedicated":{"type":"bool","description":"Is the instance hosted on a dedicated server","description_kind":"plain","computed":true},"host":{"type":"string","description":"Host name for the CloudAMQP instance","description_kind":"plain","computed":true},"id":{"type":"string","description_kind":"plain","optional":true,"computed":true},"name":{"type":"string","description":"Name of the instance","description_kind":"plain","required":true},"no_default_alarms":{"type":"bool","description":"Set to true to not create default alarms","description_kind":"plain","optional":true,"computed":true},"nodes":{"type":"number","description":"Number of nodes in cluster (plan must support it)","description_kind":"plain","optional":true},"plan":{"type":"string","description":"Name of the plan, see documentation for valid plans","description_kind":"plain","required":true},"ready":{"type":"bool","description":"Flag describing if the resource is ready","description_kind":"plain","computed":true},"region":{"type":"string","description":"Name of the region you want to create your instance in","description_kind":"plain","required":true},"rmq_version":{"type":"string","description":"RabbitMQ version","description_kind":"plain","optional":true,"computed":true},"tags":{"type":["list","string"],"description":"Tag the instances with optional tags","description_kind":"plain","optional":true},"url":{"type":"string","description":"URL of the CloudAMQP instance","description_kind":"plain","computed":true,"sensitive":true},"vhost":{"type":"string","description":"The virtual host","description_kind":"plain","computed":true},"vpc_subnet":{"type":"string","description":"Dedicated VPC subnet, shouldn't overlap with your current VPC's subnet","description_kind":"plain","optional":true}},"description_kind":"plain"}},"cloudamqp_integration_log":{"version":0,"block":{"attributes":{"access_key_id":{"type":"string","description":"AWS access key identifier. (Cloudwatch)","description_kind":"plain","optional":true,"sensitive":true},"api_key":{"type":"string","description":"The API key for the integration service. (Datadog)","description_kind":"plain","optional":true,"sensitive":true},"client_email":{"type":"string","description":"The client email. (Stackdriver)","description_kind":"plain","optional":true},"host_port":{"type":"string","description":"Destination to send the logs. (Splunk)","description_kind":"plain","optional":true},"id":{"type":"string","description_kind":"plain","optional":true,"computed":true},"instance_id":{"type":"number","description":"Instance identifier used to make proxy calls","description_kind":"plain","required":true},"name":{"type":"string","description":"The name of log integration","description_kind":"plain","required":true},"private_key":{"type":"string","description":"The private key. (Stackdriver)","description_kind":"plain","optional":true,"sensitive":true},"project_id":{"type":"string","description":"Project ID. (Stackdriver)","description_kind":"plain","optional":true},"region":{"type":"string","description":"The region hosting integration service. (Cloudwatch, Datadog)","description_kind":"plain","optional":true},"secret_access_key":{"type":"string","description":"AWS secret access key. (Cloudwatch)","description_kind":"plain","optional":true,"sensitive":true},"tags":{"type":"string","description":"(optional) tags. E.g. env=prod,region=europe. (Datadog)","description_kind":"plain","optional":true},"token":{"type":"string","description":"The token used for authentication. (Loggly, Logentries, Splunk)","description_kind":"plain","optional":true,"sensitive":true},"url":{"type":"string","description":"The URL to push the logs to. (Papertrail)","description_kind":"plain","optional":true}},"description_kind":"plain"}},"cloudamqp_integration_metric":{"version":0,"block":{"attributes":{"access_key_id":{"type":"string","description":"AWS access key identifier. (Cloudwatch)","description_kind":"plain","optional":true},"api_key":{"type":"string","description":"The API key for the integration service. (Librato)","description_kind":"plain","optional":true},"client_email":{"type":"string","description":"The client email. (Stackdriver)","description_kind":"plain","optional":true},"email":{"type":"string","description":"The email address registred for the integration service. (Librato)","description_kind":"plain","optional":true},"id":{"type":"string","description_kind":"plain","optional":true,"computed":true},"instance_id":{"type":"number","description":"Instance identifier","description_kind":"plain","required":true},"license_key":{"type":"string","description":"The license key registred for the integration service. (New Relic)","description_kind":"plain","optional":true},"name":{"type":"string","description":"The name of metrics integration","description_kind":"plain","required":true},"private_key":{"type":"string","description":"The private key. (Stackdriver)","description_kind":"plain","optional":true,"sensitive":true},"project_id":{"type":"string","description":"Project ID. (Stackdriver)","description_kind":"plain","optional":true},"queue_allowlist":{"type":"string","description":"(optional) allowlist using regular expression","description_kind":"plain","optional":true},"queue_whitelist":{"type":"string","description":"**Deprecated**","description_kind":"plain","deprecated":true,"optional":true},"region":{"type":"string","description":"AWS region for Cloudwatch and [US/EU] for Data dog/New relic. (Cloudwatch, Data Dog, New Relic)","description_kind":"plain","optional":true},"secret_access_key":{"type":"string","description":"AWS secret key. (Cloudwatch)","description_kind":"plain","optional":true,"sensitive":true},"tags":{"type":"string","description":"(optional) tags. E.g. env=prod,region=europe","description_kind":"plain","optional":true},"vhost_allowlist":{"type":"string","description":"(optional) allowlist using regular expression","description_kind":"plain","optional":true},"vhost_whitelist":{"type":"string","description":"**Deprecated**","description_kind":"plain","deprecated":true,"optional":true}},"description_kind":"plain"}},"cloudamqp_notification":{"version":0,"block":{"attributes":{"id":{"type":"string","description_kind":"plain","optional":true,"computed":true},"instance_id":{"type":"number","description":"Instance identifier","description_kind":"plain","required":true},"name":{"type":"string","description":"Optional display name of the recipient","description_kind":"plain","optional":true},"type":{"type":"string","description":"Type of the notification, valid options are: email, webhook, pagerduty, victorops, opsgenie, opsgenie-eu, slack, teams","description_kind":"plain","required":true},"value":{"type":"string","description":"Notification endpoint, where to send the notifcation","description_kind":"plain","required":true}},"description_kind":"plain"}},"cloudamqp_plugin":{"version":0,"block":{"attributes":{"enabled":{"type":"bool","description":"If the plugin is enabled","description_kind":"plain","required":true},"id":{"type":"string","description_kind":"plain","optional":true,"computed":true},"instance_id":{"type":"number","description":"Instance identifier","description_kind":"plain","required":true},"name":{"type":"string","description":"The name of the plugin","description_kind":"plain","required":true}},"description_kind":"plain"}},"cloudamqp_plugin_community":{"version":0,"block":{"attributes":{"enabled":{"type":"bool","description":"If the plugin is enabled","description_kind":"plain","required":true},"id":{"type":"string","description_kind":"plain","optional":true,"computed":true},"instance_id":{"type":"number","description":"Instance identifier","description_kind":"plain","required":true},"name":{"type":"string","description":"The name of the plugin","description_kind":"plain","required":true}},"description_kind":"plain"}},"cloudamqp_security_firewall":{"version":0,"block":{"attributes":{"id":{"type":"string","description_kind":"plain","optional":true,"computed":true},"instance_id":{"type":"number","description":"Instance identifier","description_kind":"plain","required":true}},"block_types":{"rules":{"nesting_mode":"set","block":{"attributes":{"description":{"type":"string","description":"Naming descripton e.g. 'Default'","description_kind":"plain","optional":true},"ip":{"type":"string","description":"IP address together with netmask to allow acces","description_kind":"plain","required":true},"ports":{"type":["list","number"],"description":"Custom ports between 0 - 65554","description_kind":"plain","optional":true},"services":{"type":["list","string"],"description":"Pre-defined services 'AMQP', 'AMQPS', 'HTTPS', 'MQTT', 'MQTTS', 'STOMP', 'STOMPS'","description_kind":"plain","optional":true}},"description_kind":"plain"},"min_items":1}},"description_kind":"plain"}},"cloudamqp_vpc_peering":{"version":0,"block":{"attributes":{"id":{"type":"string","description_kind":"plain","optional":true,"computed":true},"instance_id":{"type":"number","description":"Instance identifier","description_kind":"plain","required":true},"peering_id":{"type":"string","description":"VPC peering identifier","description_kind":"plain","required":true},"status":{"type":"string","description":"VPC peering status","description_kind":"plain","computed":true}},"description_kind":"plain"}},"cloudamqp_webhook":{"version":0,"block":{"attributes":{"concurrency":{"type":"number","description":"How many times the request will be made if previous call fails","description_kind":"plain","required":true},"id":{"type":"string","description_kind":"plain","optional":true,"computed":true},"instance_id":{"type":"number","description":"Instance identifier","description_kind":"plain","required":true},"queue":{"type":"string","description":"The queue that should be forwarded, must be a durable queue!","description_kind":"plain","required":true},"retry_interval":{"type":"number","description":"How often push of a message will retry if the previous call fails. In seconds","description_kind":"plain","required":true},"vhost":{"type":"string","description":"The name of the virtual host","description_kind":"plain","required":true},"webhook_uri":{"type":"string","description":"A POST request will be made for each message in the queue to this endpoint","description_kind":"plain","required":true}},"description_kind":"plain"}}},"data_source_schemas":{"cloudamqp_alarm":{"version":0,"block":{"attributes":{"alarm_id":{"type":"number","description":"Alarm identifier","description_kind":"plain","optional":true},"enabled":{"type":"bool","description":"Enable or disable an alarm","description_kind":"plain","computed":true},"id":{"type":"string","description_kind":"plain","optional":true,"computed":true},"instance_id":{"type":"number","description":"Instance identifier","description_kind":"plain","required":true},"message_type":{"type":"string","description":"Message types (total, unacked, ready) of the queue to trigger the alarm","description_kind":"plain","computed":true},"queue_regex":{"type":"string","description":"Regex for which queues to check","description_kind":"plain","computed":true},"recipients":{"type":["list","number"],"description":"Identifiers for recipients to be notified.","description_kind":"plain","computed":true},"time_threshold":{"type":"number","description":"For how long (in seconds) the value_threshold should be active before trigger alarm","description_kind":"plain","computed":true},"type":{"type":"string","description":"Type of the alarm","description_kind":"plain","optional":true},"value_threshold":{"type":"number","description":"What value to trigger the alarm for","description_kind":"plain","computed":true},"vhost_regex":{"type":"string","description":"Regex for which vhost the queues are in","description_kind":"plain","computed":true}},"description_kind":"plain"}},"cloudamqp_credentials":{"version":0,"block":{"attributes":{"id":{"type":"string","description_kind":"plain","optional":true,"computed":true},"instance_id":{"type":"number","description":"Instance identifier","description_kind":"plain","required":true},"password":{"type":"string","description_kind":"plain","computed":true,"sensitive":true},"username":{"type":"string","description_kind":"plain","computed":true,"sensitive":true}},"description_kind":"plain"}},"cloudamqp_instance":{"version":0,"block":{"attributes":{"apikey":{"type":"string","description":"API key for the CloudAMQP instance","description_kind":"plain","computed":true,"sensitive":true},"dedicated":{"type":"bool","description":"Is the instance hosted on a dedicated server","description_kind":"plain","computed":true},"host":{"type":"string","description":"Host name for the CloudAMQP instance","description_kind":"plain","computed":true},"id":{"type":"string","description_kind":"plain","optional":true,"computed":true},"instance_id":{"type":"number","description":"Identifier for the instance","description_kind":"plain","required":true},"name":{"type":"string","description":"Name of the instance","description_kind":"plain","computed":true},"nodes":{"type":"number","description":"Number of nodes in cluster (plan must support it)","description_kind":"plain","computed":true},"plan":{"type":"string","description":"Name of the plan, see documentation for valid options","description_kind":"plain","computed":true},"region":{"type":"string","description":"Name of the region you want to create your instance in","description_kind":"plain","computed":true},"rmq_version":{"type":"string","description":"RabbitMQ version","description_kind":"plain","computed":true},"tags":{"type":["list","string"],"description":"Tag the instances with optional tags","description_kind":"plain","computed":true},"url":{"type":"string","description":"URL of the CloudAMQP instance","description_kind":"plain","computed":true,"sensitive":true},"vhost":{"type":"string","description":"The virtual host","description_kind":"plain","computed":true},"vpc_subnet":{"type":"string","description":"Dedicated VPC subnet, shouldn't overlap with your current VPC's subnet","description_kind":"plain","computed":true}},"description_kind":"plain"}},"cloudamqp_nodes":{"version":0,"block":{"attributes":{"id":{"type":"string","description_kind":"plain","optional":true,"computed":true},"instance_id":{"type":"number","description":"Instance identifier","description_kind":"plain","required":true},"nodes":{"type":["list",["object",{"configured":"bool","erlang_version":"string","hipe":"bool","hostname":"string","name":"string","rabbitmq_version":"string","running":"bool"}]],"description_kind":"plain","computed":true}},"description_kind":"plain"}},"cloudamqp_notification":{"version":0,"block":{"attributes":{"id":{"type":"string","description_kind":"plain","optional":true,"computed":true},"instance_id":{"type":"number","description":"Instance identifier","description_kind":"plain","required":true},"name":{"type":"string","description":"Optional display name of the recipient","description_kind":"plain","optional":true},"recipient_id":{"type":"number","description":"Recipient identifier","description_kind":"plain","optional":true},"type":{"type":"string","description":"Type of the notification, valid options are: email, webhook, pagerduty, victorops, opsgenie, opsgenie-eu, slack","description_kind":"plain","computed":true},"value":{"type":"string","description":"Notification endpoint, where to send the notifcation","description_kind":"plain","computed":true}},"description_kind":"plain"}},"cloudamqp_plugins":{"version":0,"block":{"attributes":{"id":{"type":"string","description_kind":"plain","optional":true,"computed":true},"instance_id":{"type":"number","description":"Instance identifier","description_kind":"plain","required":true},"plugins":{"type":["list",["object",{"description":"string","enabled":"bool","name":"string","version":"string"}]],"description_kind":"plain","computed":true}},"description_kind":"plain"}},"cloudamqp_plugins_community":{"version":0,"block":{"attributes":{"id":{"type":"string","description_kind":"plain","optional":true,"computed":true},"instance_id":{"type":"number","description":"Instance identifier","description_kind":"plain","required":true},"plugins":{"type":["list",["object",{"description":"string","name":"string","require":"string"}]],"description_kind":"plain","computed":true}},"description_kind":"plain"}},"cloudamqp_vpc_info":{"version":0,"block":{"attributes":{"id":{"type":"string","description_kind":"plain","optional":true,"computed":true},"instance_id":{"type":"number","description":"Instance identifier","description_kind":"plain","required":true},"name":{"type":"string","description":"VPC name","description_kind":"plain","computed":true},"owner_id":{"type":"string","description":"Owner identifier","description_kind":"plain","computed":true},"security_group_id":{"type":"string","description":"The security group identifier","description_kind":"plain","computed":true},"vpc_subnet":{"type":"string","description":"VPC subnet","description_kind":"plain","computed":true}},"description_kind":"plain"}}}}}}
