{"format_version":"0.2","provider_schemas":{"registry.terraform.io/cloudandthings/gocd":{"provider":{"version":0,"block":{"attributes":{"baseurl":{"type":"string","description_kind":"plain","required":true},"password":{"type":"string","description":"Password for User for GoCD API interaction.","description_kind":"markdown","optional":true},"skip_ssl_check":{"type":"bool","description_kind":"plain","optional":true},"username":{"type":"string","description":"User to interact with the GoCD API with.","description_kind":"markdown","optional":true}},"description_kind":"plain"}},"resource_schemas":{"gocd_environment":{"version":0,"block":{"attributes":{"id":{"type":"string","description_kind":"plain","optional":true,"computed":true},"name":{"type":"string","description_kind":"plain","required":true},"version":{"type":"string","description_kind":"plain","computed":true}},"description_kind":"plain"}},"gocd_environment_association":{"version":0,"block":{"attributes":{"environment":{"type":"string","description_kind":"plain","required":true},"id":{"type":"string","description_kind":"plain","optional":true,"computed":true},"pipeline":{"type":"string","description_kind":"plain","required":true},"version":{"type":"string","description_kind":"plain","computed":true}},"description_kind":"plain"}},"gocd_pipeline":{"version":0,"block":{"attributes":{"enable_pipeline_locking":{"type":"bool","description_kind":"plain","deprecated":true,"optional":true,"computed":true},"group":{"type":"string","description_kind":"plain","required":true},"id":{"type":"string","description_kind":"plain","optional":true,"computed":true},"label_template":{"type":"string","description_kind":"plain","optional":true,"computed":true},"lock_behavior":{"type":"string","description_kind":"plain","optional":true,"computed":true},"name":{"type":"string","description_kind":"plain","required":true},"parameters":{"type":["map","string"],"description_kind":"plain","optional":true},"stages":{"type":["list","string"],"description_kind":"plain","optional":true},"template":{"type":"string","description_kind":"plain","optional":true,"computed":true},"version":{"type":"string","description_kind":"plain","computed":true}},"block_types":{"environment_variables":{"nesting_mode":"list","block":{"attributes":{"encrypted_value":{"type":"string","description_kind":"plain","optional":true},"name":{"type":"string","description_kind":"plain","required":true},"secure":{"type":"bool","description_kind":"plain","optional":true,"computed":true},"value":{"type":"string","description_kind":"plain","optional":true}},"description_kind":"plain"}},"materials":{"nesting_mode":"list","block":{"attributes":{"type":{"type":"string","description_kind":"plain","optional":true}},"block_types":{"attributes":{"nesting_mode":"list","block":{"attributes":{"auto_update":{"type":"bool","description_kind":"plain","optional":true,"computed":true},"branch":{"type":"string","description_kind":"plain","optional":true,"computed":true},"destination":{"type":"string","description_kind":"plain","optional":true,"computed":true},"filter":{"type":["list","string"],"description_kind":"plain","optional":true},"invert_filter":{"type":"bool","description_kind":"plain","optional":true},"name":{"type":"string","description_kind":"plain","optional":true,"computed":true},"pipeline":{"type":"string","description_kind":"plain","optional":true,"computed":true},"shallow_clone":{"type":"bool","description_kind":"plain","optional":true,"computed":true},"stage":{"type":"string","description_kind":"plain","optional":true,"computed":true},"submodule_folder":{"type":"string","description_kind":"plain","optional":true,"computed":true},"url":{"type":"string","description_kind":"plain","optional":true,"computed":true}},"description_kind":"plain"},"min_items":1,"max_items":1}},"description_kind":"plain"},"min_items":1}},"description_kind":"plain"}},"gocd_pipeline_template":{"version":0,"block":{"attributes":{"id":{"type":"string","description_kind":"plain","optional":true,"computed":true},"name":{"type":"string","description_kind":"plain","required":true},"stages":{"type":["list","string"],"description_kind":"plain","required":true},"version":{"type":"string","description_kind":"plain","computed":true}},"description_kind":"plain"}}},"data_source_schemas":{"gocd_job_definition":{"version":0,"block":{"attributes":{"elastic_profile_id":{"type":"string","description_kind":"plain","optional":true},"id":{"type":"string","description_kind":"plain","optional":true,"computed":true},"json":{"type":"string","description_kind":"plain","computed":true},"name":{"type":"string","description_kind":"plain","required":true},"resources":{"type":["set","string"],"description_kind":"plain","optional":true},"run_instance_count":{"type":"number","description_kind":"plain","optional":true},"tasks":{"type":["list","string"],"description_kind":"plain","required":true},"timeout":{"type":"number","description_kind":"plain","optional":true}},"block_types":{"artifacts":{"nesting_mode":"list","block":{"attributes":{"destination":{"type":"string","description_kind":"plain","optional":true},"source":{"type":"string","description_kind":"plain","required":true},"type":{"type":"string","description_kind":"plain","required":true}},"description_kind":"plain"}},"environment_variables":{"nesting_mode":"list","block":{"attributes":{"encrypted_value":{"type":"string","description_kind":"plain","optional":true},"name":{"type":"string","description_kind":"plain","required":true},"secure":{"type":"bool","description_kind":"plain","optional":true},"value":{"type":"string","description_kind":"plain","optional":true}},"description_kind":"plain"}},"properties":{"nesting_mode":"list","block":{"attributes":{"name":{"type":"string","description_kind":"plain","required":true},"source":{"type":"string","description_kind":"plain","required":true},"xpath":{"type":"string","description_kind":"plain","required":true}},"description_kind":"plain"}},"tabs":{"nesting_mode":"list","block":{"attributes":{"name":{"type":"string","description_kind":"plain","required":true},"path":{"type":"string","description_kind":"plain","required":true}},"description_kind":"plain"}}},"description_kind":"plain"}},"gocd_stage_definition":{"version":0,"block":{"attributes":{"clean_working_directory":{"type":"bool","description_kind":"plain","optional":true},"fetch_materials":{"type":"bool","description_kind":"plain","optional":true},"id":{"type":"string","description_kind":"plain","optional":true,"computed":true},"jobs":{"type":["list","string"],"description_kind":"plain","required":true},"json":{"type":"string","description_kind":"plain","computed":true},"name":{"type":"string","description_kind":"plain","required":true},"never_cleanup_artifacts":{"type":"bool","description_kind":"plain","optional":true},"pipeline":{"type":"string","description_kind":"plain","optional":true},"pipeline_template":{"type":"string","description_kind":"plain","optional":true}},"block_types":{"approval":{"nesting_mode":"set","block":{"attributes":{"type":{"type":"string","description_kind":"plain","required":true}},"block_types":{"authorization":{"nesting_mode":"set","block":{"attributes":{"roles":{"type":["set","string"],"description_kind":"plain","optional":true},"users":{"type":["set","string"],"description_kind":"plain","optional":true}},"description_kind":"plain"},"max_items":1}},"description_kind":"plain"},"max_items":1},"environment_variables":{"nesting_mode":"list","block":{"attributes":{"encrypted_value":{"type":"string","description_kind":"plain","optional":true},"name":{"type":"string","description_kind":"plain","required":true},"secure":{"type":"bool","description_kind":"plain","optional":true},"value":{"type":"string","description_kind":"plain","optional":true}},"description_kind":"plain"}}},"description_kind":"plain"}},"gocd_task_definition":{"version":0,"block":{"attributes":{"arguments":{"type":["list","string"],"description_kind":"plain","optional":true},"artifact_origin":{"type":"string","description_kind":"plain","optional":true},"build_file":{"type":"string","description_kind":"plain","optional":true},"command":{"type":"string","description_kind":"plain","optional":true},"configuration":{"type":["list",["map","string"]],"description_kind":"plain","optional":true},"destination":{"type":"string","description_kind":"plain","optional":true},"id":{"type":"string","description_kind":"plain","optional":true,"computed":true},"is_source_a_file":{"type":"bool","description_kind":"plain","optional":true},"job":{"type":"string","description_kind":"plain","optional":true},"json":{"type":"string","description_kind":"plain","computed":true},"nant_path":{"type":"string","description_kind":"plain","optional":true},"pipeline":{"type":"string","description_kind":"plain","optional":true},"plugin_id":{"type":"string","description_kind":"plain","optional":true},"plugin_version":{"type":"string","description_kind":"plain","optional":true},"run_if":{"type":["list","string"],"description_kind":"plain","optional":true},"source":{"type":"string","description_kind":"plain","optional":true},"stage":{"type":"string","description_kind":"plain","optional":true},"target":{"type":"string","description_kind":"plain","optional":true},"type":{"type":"string","description_kind":"plain","required":true},"working_directory":{"type":"string","description_kind":"plain","optional":true}},"description_kind":"plain"}}}}}}
