{"format_version":"0.2","provider_schemas":{"registry.terraform.io/cloudposse/awsutils":{"provider":{"version":0,"block":{"attributes":{"access_key":{"type":"string","description":"The access key for API operations. You can retrieve this\nfrom the 'Security \u0026 Credentials' section of the AWS console.","description_kind":"plain","optional":true},"allowed_account_ids":{"type":["set","string"],"description_kind":"plain","optional":true},"forbidden_account_ids":{"type":["set","string"],"description_kind":"plain","optional":true},"insecure":{"type":"bool","description":"Explicitly allow the provider to perform \"insecure\" SSL requests. If omitted,default value is `false`","description_kind":"plain","optional":true},"max_retries":{"type":"number","description":"The maximum number of times an AWS API request is\nbeing executed. If the API request still fails, an error is\nthrown.","description_kind":"plain","optional":true},"profile":{"type":"string","description":"The profile for API operations. If not set, the default profile\ncreated with `aws configure` will be used.","description_kind":"plain","optional":true},"region":{"type":"string","description":"The region where AWS operations will take place. Examples\nare us-east-1, us-west-2, etc.","description_kind":"plain","required":true},"s3_force_path_style":{"type":"bool","description":"Set this to true to force the request to use path-style addressing,\ni.e., http://s3.amazonaws.com/BUCKET/KEY. By default, the S3 client will\nuse virtual hosted bucket addressing when possible\n(http://BUCKET.s3.amazonaws.com/KEY). Specific to the Amazon S3 service.","description_kind":"plain","optional":true},"secret_key":{"type":"string","description":"The secret key for API operations. You can retrieve this\nfrom the 'Security \u0026 Credentials' section of the AWS console.","description_kind":"plain","optional":true},"shared_credentials_file":{"type":"string","description":"The path to the shared credentials file. If not set\nthis defaults to ~/.aws/credentials.","description_kind":"plain","optional":true},"skip_credentials_validation":{"type":"bool","description":"Skip the credentials validation via STS API. Used for AWS API implementations that do not have STS available/implemented.","description_kind":"plain","optional":true},"skip_get_ec2_platforms":{"type":"bool","description":"Skip getting the supported EC2 platforms. Used by users that don't have ec2:DescribeAccountAttributes permissions.","description_kind":"plain","optional":true},"skip_metadata_api_check":{"type":"bool","description_kind":"plain","optional":true},"skip_region_validation":{"type":"bool","description":"Skip static validation of region name. Used by users of alternative AWS-like APIs or users w/ access to regions that are not public (yet).","description_kind":"plain","optional":true},"skip_requesting_account_id":{"type":"bool","description":"Skip requesting the account ID. Used for AWS API implementations that do not have IAM/STS API and/or metadata API.","description_kind":"plain","optional":true},"token":{"type":"string","description":"session token. A session token is only required if you are\nusing temporary security credentials.","description_kind":"plain","optional":true}},"block_types":{"assume_role":{"nesting_mode":"list","block":{"attributes":{"duration_seconds":{"type":"number","description":"Seconds to restrict the assume role session duration.","description_kind":"plain","optional":true},"external_id":{"type":"string","description":"Unique identifier that might be required for assuming a role in another account.","description_kind":"plain","optional":true},"policy":{"type":"string","description":"IAM Policy JSON describing further restricting permissions for the IAM Role being assumed.","description_kind":"plain","optional":true},"policy_arns":{"type":["set","string"],"description":"Amazon Resource Names (ARNs) of IAM Policies describing further restricting permissions for the IAM Role being assumed.","description_kind":"plain","optional":true},"role_arn":{"type":"string","description":"Amazon Resource Name of an IAM Role to assume prior to making API calls.","description_kind":"plain","optional":true},"session_name":{"type":"string","description":"Identifier for the assumed role session.","description_kind":"plain","optional":true},"tags":{"type":["map","string"],"description":"Assume role session tags.","description_kind":"plain","optional":true},"transitive_tag_keys":{"type":["set","string"],"description":"Assume role session tag keys to pass to any subsequent sessions.","description_kind":"plain","optional":true}},"description_kind":"plain"},"max_items":1},"default_tags":{"nesting_mode":"list","block":{"attributes":{"tags":{"type":["map","string"],"description":"Resource tags to default across all resources","description_kind":"plain","optional":true}},"description":"Configuration block with settings to default resource tags across all resources.","description_kind":"plain"},"max_items":1},"endpoints":{"nesting_mode":"set","block":{"attributes":{"accessanalyzer":{"type":"string","description":"Use this to override the default service endpoint URL","description_kind":"plain","optional":true},"acm":{"type":"string","description":"Use this to override the default service endpoint URL","description_kind":"plain","optional":true},"acmpca":{"type":"string","description":"Use this to override the default service endpoint URL","description_kind":"plain","optional":true},"amplify":{"type":"string","description":"Use this to override the default service endpoint URL","description_kind":"plain","optional":true},"apigateway":{"type":"string","description":"Use this to override the default service endpoint URL","description_kind":"plain","optional":true},"appconfig":{"type":"string","description":"Use this to override the default service endpoint URL","description_kind":"plain","optional":true},"applicationautoscaling":{"type":"string","description":"Use this to override the default service endpoint URL","description_kind":"plain","optional":true},"applicationinsights":{"type":"string","description":"Use this to override the default service endpoint URL","description_kind":"plain","optional":true},"appmesh":{"type":"string","description":"Use this to override the default service endpoint URL","description_kind":"plain","optional":true},"apprunner":{"type":"string","description":"Use this to override the default service endpoint URL","description_kind":"plain","optional":true},"appstream":{"type":"string","description":"Use this to override the default service endpoint URL","description_kind":"plain","optional":true},"appsync":{"type":"string","description":"Use this to override the default service endpoint URL","description_kind":"plain","optional":true},"athena":{"type":"string","description":"Use this to override the default service endpoint URL","description_kind":"plain","optional":true},"auditmanager":{"type":"string","description":"Use this to override the default service endpoint URL","description_kind":"plain","optional":true},"autoscaling":{"type":"string","description":"Use this to override the default service endpoint URL","description_kind":"plain","optional":true},"autoscalingplans":{"type":"string","description":"Use this to override the default service endpoint URL","description_kind":"plain","optional":true},"backup":{"type":"string","description":"Use this to override the default service endpoint URL","description_kind":"plain","optional":true},"batch":{"type":"string","description":"Use this to override the default service endpoint URL","description_kind":"plain","optional":true},"budgets":{"type":"string","description":"Use this to override the default service endpoint URL","description_kind":"plain","optional":true},"chime":{"type":"string","description":"Use this to override the default service endpoint URL","description_kind":"plain","optional":true},"cloud9":{"type":"string","description":"Use this to override the default service endpoint URL","description_kind":"plain","optional":true},"cloudformation":{"type":"string","description":"Use this to override the default service endpoint URL","description_kind":"plain","optional":true},"cloudfront":{"type":"string","description":"Use this to override the default service endpoint URL","description_kind":"plain","optional":true},"cloudhsm":{"type":"string","description":"Use this to override the default service endpoint URL","description_kind":"plain","optional":true},"cloudsearch":{"type":"string","description":"Use this to override the default service endpoint URL","description_kind":"plain","optional":true},"cloudtrail":{"type":"string","description":"Use this to override the default service endpoint URL","description_kind":"plain","optional":true},"cloudwatch":{"type":"string","description":"Use this to override the default service endpoint URL","description_kind":"plain","optional":true},"cloudwatchevents":{"type":"string","description":"Use this to override the default service endpoint URL","description_kind":"plain","optional":true},"cloudwatchlogs":{"type":"string","description":"Use this to override the default service endpoint URL","description_kind":"plain","optional":true},"codeartifact":{"type":"string","description":"Use this to override the default service endpoint URL","description_kind":"plain","optional":true},"codebuild":{"type":"string","description":"Use this to override the default service endpoint URL","description_kind":"plain","optional":true},"codecommit":{"type":"string","description":"Use this to override the default service endpoint URL","description_kind":"plain","optional":true},"codedeploy":{"type":"string","description":"Use this to override the default service endpoint URL","description_kind":"plain","optional":true},"codepipeline":{"type":"string","description":"Use this to override the default service endpoint URL","description_kind":"plain","optional":true},"codestarconnections":{"type":"string","description":"Use this to override the default service endpoint URL","description_kind":"plain","optional":true},"cognitoidentity":{"type":"string","description":"Use this to override the default service endpoint URL","description_kind":"plain","optional":true},"cognitoidp":{"type":"string","description":"Use this to override the default service endpoint URL","description_kind":"plain","optional":true},"configservice":{"type":"string","description":"Use this to override the default service endpoint URL","description_kind":"plain","optional":true},"connect":{"type":"string","description":"Use this to override the default service endpoint URL","description_kind":"plain","optional":true},"cur":{"type":"string","description":"Use this to override the default service endpoint URL","description_kind":"plain","optional":true},"dataexchange":{"type":"string","description":"Use this to override the default service endpoint URL","description_kind":"plain","optional":true},"datapipeline":{"type":"string","description":"Use this to override the default service endpoint URL","description_kind":"plain","optional":true},"datasync":{"type":"string","description":"Use this to override the default service endpoint URL","description_kind":"plain","optional":true},"dax":{"type":"string","description":"Use this to override the default service endpoint URL","description_kind":"plain","optional":true},"detective":{"type":"string","description":"Use this to override the default service endpoint URL","description_kind":"plain","optional":true},"devicefarm":{"type":"string","description":"Use this to override the default service endpoint URL","description_kind":"plain","optional":true},"directconnect":{"type":"string","description":"Use this to override the default service endpoint URL","description_kind":"plain","optional":true},"dlm":{"type":"string","description":"Use this to override the default service endpoint URL","description_kind":"plain","optional":true},"dms":{"type":"string","description":"Use this to override the default service endpoint URL","description_kind":"plain","optional":true},"docdb":{"type":"string","description":"Use this to override the default service endpoint URL","description_kind":"plain","optional":true},"ds":{"type":"string","description":"Use this to override the default service endpoint URL","description_kind":"plain","optional":true},"dynamodb":{"type":"string","description":"Use this to override the default service endpoint URL","description_kind":"plain","optional":true},"ec2":{"type":"string","description":"Use this to override the default service endpoint URL","description_kind":"plain","optional":true},"ecr":{"type":"string","description":"Use this to override the default service endpoint URL","description_kind":"plain","optional":true},"ecrpublic":{"type":"string","description":"Use this to override the default service endpoint URL","description_kind":"plain","optional":true},"ecs":{"type":"string","description":"Use this to override the default service endpoint URL","description_kind":"plain","optional":true},"efs":{"type":"string","description":"Use this to override the default service endpoint URL","description_kind":"plain","optional":true},"eks":{"type":"string","description":"Use this to override the default service endpoint URL","description_kind":"plain","optional":true},"elasticache":{"type":"string","description":"Use this to override the default service endpoint URL","description_kind":"plain","optional":true},"elasticbeanstalk":{"type":"string","description":"Use this to override the default service endpoint URL","description_kind":"plain","optional":true},"elastictranscoder":{"type":"string","description":"Use this to override the default service endpoint URL","description_kind":"plain","optional":true},"elb":{"type":"string","description":"Use this to override the default service endpoint URL","description_kind":"plain","optional":true},"emr":{"type":"string","description":"Use this to override the default service endpoint URL","description_kind":"plain","optional":true},"emrcontainers":{"type":"string","description":"Use this to override the default service endpoint URL","description_kind":"plain","optional":true},"es":{"type":"string","description":"Use this to override the default service endpoint URL","description_kind":"plain","optional":true},"firehose":{"type":"string","description":"Use this to override the default service endpoint URL","description_kind":"plain","optional":true},"fms":{"type":"string","description":"Use this to override the default service endpoint URL","description_kind":"plain","optional":true},"forecast":{"type":"string","description":"Use this to override the default service endpoint URL","description_kind":"plain","optional":true},"fsx":{"type":"string","description":"Use this to override the default service endpoint URL","description_kind":"plain","optional":true},"gamelift":{"type":"string","description":"Use this to override the default service endpoint URL","description_kind":"plain","optional":true},"glacier":{"type":"string","description":"Use this to override the default service endpoint URL","description_kind":"plain","optional":true},"globalaccelerator":{"type":"string","description":"Use this to override the default service endpoint URL","description_kind":"plain","optional":true},"glue":{"type":"string","description":"Use this to override the default service endpoint URL","description_kind":"plain","optional":true},"greengrass":{"type":"string","description":"Use this to override the default service endpoint URL","description_kind":"plain","optional":true},"guardduty":{"type":"string","description":"Use this to override the default service endpoint URL","description_kind":"plain","optional":true},"iam":{"type":"string","description":"Use this to override the default service endpoint URL","description_kind":"plain","optional":true},"identitystore":{"type":"string","description":"Use this to override the default service endpoint URL","description_kind":"plain","optional":true},"imagebuilder":{"type":"string","description":"Use this to override the default service endpoint URL","description_kind":"plain","optional":true},"inspector":{"type":"string","description":"Use this to override the default service endpoint URL","description_kind":"plain","optional":true},"iot":{"type":"string","description":"Use this to override the default service endpoint URL","description_kind":"plain","optional":true},"iotanalytics":{"type":"string","description":"Use this to override the default service endpoint URL","description_kind":"plain","optional":true},"iotevents":{"type":"string","description":"Use this to override the default service endpoint URL","description_kind":"plain","optional":true},"kafka":{"type":"string","description":"Use this to override the default service endpoint URL","description_kind":"plain","optional":true},"kinesis":{"type":"string","description":"Use this to override the default service endpoint URL","description_kind":"plain","optional":true},"kinesisanalytics":{"type":"string","description":"Use this to override the default service endpoint URL","description_kind":"plain","optional":true},"kinesisanalyticsv2":{"type":"string","description":"Use this to override the default service endpoint URL","description_kind":"plain","optional":true},"kinesisvideo":{"type":"string","description":"Use this to override the default service endpoint URL","description_kind":"plain","optional":true},"kms":{"type":"string","description":"Use this to override the default service endpoint URL","description_kind":"plain","optional":true},"lakeformation":{"type":"string","description":"Use this to override the default service endpoint URL","description_kind":"plain","optional":true},"lambda":{"type":"string","description":"Use this to override the default service endpoint URL","description_kind":"plain","optional":true},"lexmodels":{"type":"string","description":"Use this to override the default service endpoint URL","description_kind":"plain","optional":true},"licensemanager":{"type":"string","description":"Use this to override the default service endpoint URL","description_kind":"plain","optional":true},"lightsail":{"type":"string","description":"Use this to override the default service endpoint URL","description_kind":"plain","optional":true},"location":{"type":"string","description":"Use this to override the default service endpoint URL","description_kind":"plain","optional":true},"macie":{"type":"string","description":"Use this to override the default service endpoint URL","description_kind":"plain","optional":true},"macie2":{"type":"string","description":"Use this to override the default service endpoint URL","description_kind":"plain","optional":true},"managedblockchain":{"type":"string","description":"Use this to override the default service endpoint URL","description_kind":"plain","optional":true},"marketplacecatalog":{"type":"string","description":"Use this to override the default service endpoint URL","description_kind":"plain","optional":true},"mediaconnect":{"type":"string","description":"Use this to override the default service endpoint URL","description_kind":"plain","optional":true},"mediaconvert":{"type":"string","description":"Use this to override the default service endpoint URL","description_kind":"plain","optional":true},"medialive":{"type":"string","description":"Use this to override the default service endpoint URL","description_kind":"plain","optional":true},"mediapackage":{"type":"string","description":"Use this to override the default service endpoint URL","description_kind":"plain","optional":true},"mediastore":{"type":"string","description":"Use this to override the default service endpoint URL","description_kind":"plain","optional":true},"mediastoredata":{"type":"string","description":"Use this to override the default service endpoint URL","description_kind":"plain","optional":true},"mq":{"type":"string","description":"Use this to override the default service endpoint URL","description_kind":"plain","optional":true},"mwaa":{"type":"string","description":"Use this to override the default service endpoint URL","description_kind":"plain","optional":true},"neptune":{"type":"string","description":"Use this to override the default service endpoint URL","description_kind":"plain","optional":true},"networkfirewall":{"type":"string","description":"Use this to override the default service endpoint URL","description_kind":"plain","optional":true},"networkmanager":{"type":"string","description":"Use this to override the default service endpoint URL","description_kind":"plain","optional":true},"opsworks":{"type":"string","description":"Use this to override the default service endpoint URL","description_kind":"plain","optional":true},"organizations":{"type":"string","description":"Use this to override the default service endpoint URL","description_kind":"plain","optional":true},"outposts":{"type":"string","description":"Use this to override the default service endpoint URL","description_kind":"plain","optional":true},"personalize":{"type":"string","description":"Use this to override the default service endpoint URL","description_kind":"plain","optional":true},"pinpoint":{"type":"string","description":"Use this to override the default service endpoint URL","description_kind":"plain","optional":true},"pricing":{"type":"string","description":"Use this to override the default service endpoint URL","description_kind":"plain","optional":true},"qldb":{"type":"string","description":"Use this to override the default service endpoint URL","description_kind":"plain","optional":true},"quicksight":{"type":"string","description":"Use this to override the default service endpoint URL","description_kind":"plain","optional":true},"ram":{"type":"string","description":"Use this to override the default service endpoint URL","description_kind":"plain","optional":true},"rds":{"type":"string","description":"Use this to override the default service endpoint URL","description_kind":"plain","optional":true},"redshift":{"type":"string","description":"Use this to override the default service endpoint URL","description_kind":"plain","optional":true},"resourcegroups":{"type":"string","description":"Use this to override the default service endpoint URL","description_kind":"plain","optional":true},"resourcegroupstaggingapi":{"type":"string","description":"Use this to override the default service endpoint URL","description_kind":"plain","optional":true},"route53":{"type":"string","description":"Use this to override the default service endpoint URL","description_kind":"plain","optional":true},"route53domains":{"type":"string","description":"Use this to override the default service endpoint URL","description_kind":"plain","optional":true},"route53resolver":{"type":"string","description":"Use this to override the default service endpoint URL","description_kind":"plain","optional":true},"s3":{"type":"string","description":"Use this to override the default service endpoint URL","description_kind":"plain","optional":true},"s3control":{"type":"string","description":"Use this to override the default service endpoint URL","description_kind":"plain","optional":true},"s3outposts":{"type":"string","description":"Use this to override the default service endpoint URL","description_kind":"plain","optional":true},"sagemaker":{"type":"string","description":"Use this to override the default service endpoint URL","description_kind":"plain","optional":true},"schemas":{"type":"string","description":"Use this to override the default service endpoint URL","description_kind":"plain","optional":true},"sdb":{"type":"string","description":"Use this to override the default service endpoint URL","description_kind":"plain","optional":true},"secretsmanager":{"type":"string","description":"Use this to override the default service endpoint URL","description_kind":"plain","optional":true},"securityhub":{"type":"string","description":"Use this to override the default service endpoint URL","description_kind":"plain","optional":true},"serverlessrepo":{"type":"string","description":"Use this to override the default service endpoint URL","description_kind":"plain","optional":true},"servicecatalog":{"type":"string","description":"Use this to override the default service endpoint URL","description_kind":"plain","optional":true},"servicediscovery":{"type":"string","description":"Use this to override the default service endpoint URL","description_kind":"plain","optional":true},"servicequotas":{"type":"string","description":"Use this to override the default service endpoint URL","description_kind":"plain","optional":true},"ses":{"type":"string","description":"Use this to override the default service endpoint URL","description_kind":"plain","optional":true},"shield":{"type":"string","description":"Use this to override the default service endpoint URL","description_kind":"plain","optional":true},"signer":{"type":"string","description":"Use this to override the default service endpoint URL","description_kind":"plain","optional":true},"sns":{"type":"string","description":"Use this to override the default service endpoint URL","description_kind":"plain","optional":true},"sqs":{"type":"string","description":"Use this to override the default service endpoint URL","description_kind":"plain","optional":true},"ssm":{"type":"string","description":"Use this to override the default service endpoint URL","description_kind":"plain","optional":true},"ssoadmin":{"type":"string","description":"Use this to override the default service endpoint URL","description_kind":"plain","optional":true},"stepfunctions":{"type":"string","description":"Use this to override the default service endpoint URL","description_kind":"plain","optional":true},"storagegateway":{"type":"string","description":"Use this to override the default service endpoint URL","description_kind":"plain","optional":true},"sts":{"type":"string","description":"Use this to override the default service endpoint URL","description_kind":"plain","optional":true},"swf":{"type":"string","description":"Use this to override the default service endpoint URL","description_kind":"plain","optional":true},"synthetics":{"type":"string","description":"Use this to override the default service endpoint URL","description_kind":"plain","optional":true},"timestreamwrite":{"type":"string","description":"Use this to override the default service endpoint URL","description_kind":"plain","optional":true},"transfer":{"type":"string","description":"Use this to override the default service endpoint URL","description_kind":"plain","optional":true},"waf":{"type":"string","description":"Use this to override the default service endpoint URL","description_kind":"plain","optional":true},"wafregional":{"type":"string","description":"Use this to override the default service endpoint URL","description_kind":"plain","optional":true},"wafv2":{"type":"string","description":"Use this to override the default service endpoint URL","description_kind":"plain","optional":true},"worklink":{"type":"string","description":"Use this to override the default service endpoint URL","description_kind":"plain","optional":true},"workmail":{"type":"string","description":"Use this to override the default service endpoint URL","description_kind":"plain","optional":true},"workspaces":{"type":"string","description":"Use this to override the default service endpoint URL","description_kind":"plain","optional":true},"xray":{"type":"string","description":"Use this to override the default service endpoint URL","description_kind":"plain","optional":true}},"description_kind":"plain"}},"ignore_tags":{"nesting_mode":"list","block":{"attributes":{"key_prefixes":{"type":["set","string"],"description":"Resource tag key prefixes to ignore across all resources.","description_kind":"plain","optional":true},"keys":{"type":["set","string"],"description":"Resource tag keys to ignore across all resources.","description_kind":"plain","optional":true}},"description":"Configuration block with settings to ignore resource tags across all resources.","description_kind":"plain"},"max_items":1}},"description_kind":"plain"}},"resource_schemas":{"awsutils_default_vpc_deletion":{"version":1,"block":{"attributes":{"id":{"type":"string","description":"The ID of the VPC that was deleted.","description_kind":"plain","computed":true}},"description":"Deletes the default VPC along with the child resources of the VPC including Subnets, Route Tables, NACLs and Internet \nGateways in the configured region.\n\t\t\nBest-practices call for not using the default VPC, but rather, creating a new set of VPCs as necessary. AWS Security \nHub will flag the default VPCs as non-compliant if they aren't configured with best-practices. Rather than jumping \nthrough hoops, it's easier to delete to default VPCs. This task cannot be accomplished with the official AWS \nTerraform Provider, so this resource is necessary. \n\t\t\nPlease note that applying this resource is destructive and nonreversible. This resource is unusual as it will \n**DELETE** infrastructure when `terraform apply` is run rather than creating it. This is a permanent \ndeletion and nothing will be restored when`terraform destroy` is run. ","description_kind":"plain"}},"awsutils_guardduty_organization_settings":{"version":1,"block":{"attributes":{"detector_id":{"type":"string","description_kind":"plain","required":true},"id":{"type":"string","description_kind":"plain","optional":true,"computed":true},"member_accounts":{"type":["set","string"],"description":"A list of AWS Organization member accounts to associate with the GuardDuty Administrator account.","description_kind":"plain","required":true}},"description":"Enables a list of accounts as GuardDuty member accounts in an existing AWS Organization.\n\nDesignating an account as the GuardDuty Administrator account in an AWS Organization can optionally enable all \nnewly created accounts and accounts that join the organization after the setting is enabled, however it does not \nenable existing accounts. Use this resource to enable a list of existing accounts","description_kind":"plain"}},"awsutils_security_hub_control_disablement":{"version":1,"block":{"attributes":{"control_arn":{"type":"string","description":"The ARN of the Security Hub Standards Control to disable.","description_kind":"plain","required":true},"id":{"type":"string","description_kind":"plain","optional":true,"computed":true},"reason":{"type":"string","description":"The reason the control is being disabed.","description_kind":"plain","optional":true}},"description":"Disables a Security Hub control in the configured region.\n\nIt can be useful to turn off security checks for controls that are not relevant to your environment. For example, you \nmight use a single Amazon S3 bucket to log your CloudTrail logs. If so, you can turn off controls related to CloudTrail \nlogging in all accounts and Regions except for the account and Region where the centralized S3 bucket is located. \nDisabling irrelevant controls reduces the number of irrelevant findings. It also removes the failed check from the \nreadiness score for the associated standard.","description_kind":"plain"}},"awsutils_security_hub_organization_settings":{"version":1,"block":{"attributes":{"auto_enable_new_accounts":{"type":"bool","description":"A flag to indicate if the automatic enablement setting, should be enabled. If enabled, Security Hub begins to enable new accounts as they are added to the organization","description_kind":"plain","optional":true},"id":{"type":"string","description_kind":"plain","optional":true,"computed":true},"member_accounts":{"type":["set","string"],"description":"A list of AWS Organization member accounts to associate with the Security Hub Administrator account.","description_kind":"plain","required":true}},"description":"Enables a list of accounts as Security Hub member accounts in an existing AWS Organization.\n\nDesignating an account as the Security Hub Administrator account in an AWS Organization can optionally enable all \nnewly created accounts and accounts that join the organization after the setting is enabled, however it does not \nenable existing accounts. Use this resource to enable a list of existing accounts","description_kind":"plain"}}},"data_source_schemas":{"awsutils_ec2_client_vpn_export_client_config":{"version":0,"block":{"attributes":{"client_configuration":{"type":"string","description":"Output from 'export-client-vpn-client-configuration' call","description_kind":"plain","computed":true},"id":{"type":"string","description":"The ID of the VPN endpoint to export the config for.","description_kind":"plain","required":true}},"description":"Passthru for configuring and executing `aws ec2 export-client-vpn-client-configuration`","description_kind":"plain"}}}}}}
