{"format_version":"0.2","provider_schemas":{"registry.terraform.io/cloudogu/scm-manager":{"provider":{"version":0,"block":{"attributes":{"password":{"type":"string","description_kind":"plain","optional":true,"sensitive":true},"skip_cert_verify":{"type":"bool","description_kind":"plain","optional":true},"url":{"type":"string","description_kind":"plain","optional":true},"username":{"type":"string","description_kind":"plain","optional":true}},"description_kind":"plain"}},"resource_schemas":{"scm_repository":{"version":0,"block":{"attributes":{"contact":{"type":"string","description_kind":"plain","optional":true},"creation_date":{"type":"string","description_kind":"plain","optional":true,"computed":true},"description":{"type":"string","description_kind":"plain","optional":true},"id":{"type":"string","description_kind":"plain","optional":true,"computed":true},"import_password":{"type":"string","description_kind":"plain","optional":true,"sensitive":true},"import_url":{"type":"string","description_kind":"plain","optional":true},"import_username":{"type":"string","description_kind":"plain","optional":true},"last_modified":{"type":"string","description_kind":"plain","optional":true,"computed":true},"name":{"type":"string","description_kind":"plain","required":true},"namespace":{"type":"string","description_kind":"plain","required":true},"type":{"type":"string","description_kind":"plain","required":true}},"description_kind":"plain"}}}}}}
