{"format_version":"0.2","provider_schemas":{"registry.terraform.io/cmc-cloud/cmccloud":{"provider":{"version":0,"block":{"attributes":{"api_endpoint":{"type":"string","description":"The URL use for the CMC Cloud API","description_kind":"plain","optional":true},"api_key":{"type":"string","description":"API key get from account settings in https://portal.cloud.cmctelecom.vn","description_kind":"plain","optional":true}},"description_kind":"plain"}},"resource_schemas":{"cmccloud_firewall_direct":{"version":1,"block":{"attributes":{"id":{"type":"string","description_kind":"plain","optional":true,"computed":true},"ip_address":{"type":"string","description_kind":"plain","required":true},"server_id":{"type":"string","description_kind":"plain","required":true}},"block_types":{"inbound_rule":{"nesting_mode":"list","block":{"attributes":{"action":{"type":"string","description_kind":"plain","optional":true},"dst":{"type":"string","description_kind":"plain","optional":true},"id":{"type":"number","description_kind":"plain","computed":true},"name":{"type":"string","description_kind":"plain","optional":true},"port_range":{"type":"string","description_kind":"plain","optional":true},"port_type":{"type":"string","description_kind":"plain","optional":true},"protocol":{"type":"string","description_kind":"plain","required":true},"src":{"type":"string","description_kind":"plain","optional":true}},"description_kind":"plain"}},"outbound_rule":{"nesting_mode":"list","block":{"attributes":{"action":{"type":"string","description_kind":"plain","optional":true},"dst":{"type":"string","description_kind":"plain","optional":true},"id":{"type":"number","description_kind":"plain","computed":true},"name":{"type":"string","description_kind":"plain","optional":true},"port_range":{"type":"string","description_kind":"plain","optional":true},"port_type":{"type":"string","description_kind":"plain","optional":true},"protocol":{"type":"string","description_kind":"plain","required":true},"src":{"type":"string","description_kind":"plain","optional":true}},"description_kind":"plain"}}},"description_kind":"plain"}},"cmccloud_firewall_vpc":{"version":1,"block":{"attributes":{"description":{"type":"string","description_kind":"plain","optional":true},"id":{"type":"string","description_kind":"plain","optional":true,"computed":true},"name":{"type":"string","description_kind":"plain","required":true},"vpc_id":{"type":"string","description_kind":"plain","required":true}},"block_types":{"inbound_rule":{"nesting_mode":"list","block":{"attributes":{"action":{"type":"string","description_kind":"plain","optional":true},"cidrs":{"type":["set","string"],"description_kind":"plain","optional":true},"id":{"type":"string","description_kind":"plain","computed":true},"port_range":{"type":"string","description_kind":"plain","optional":true},"protocol":{"type":"string","description_kind":"plain","required":true}},"description_kind":"plain"}},"outbound_rule":{"nesting_mode":"list","block":{"attributes":{"action":{"type":"string","description_kind":"plain","optional":true},"cidrs":{"type":["set","string"],"description_kind":"plain","optional":true},"id":{"type":"string","description_kind":"plain","computed":true},"port_range":{"type":"string","description_kind":"plain","optional":true},"protocol":{"type":"string","description_kind":"plain","required":true}},"description_kind":"plain"}}},"description_kind":"plain"}},"cmccloud_floating_ip":{"version":1,"block":{"attributes":{"id":{"type":"string","description_kind":"plain","optional":true,"computed":true},"ip_address":{"type":"string","description_kind":"plain","computed":true},"is_source_nat":{"type":"bool","description_kind":"plain","computed":true},"is_static_nat":{"type":"bool","description_kind":"plain","computed":true},"state":{"type":"string","description_kind":"plain","computed":true},"vpc_id":{"type":"string","description_kind":"plain","required":true}},"description_kind":"plain"}},"cmccloud_network":{"version":1,"block":{"attributes":{"cidr":{"type":"string","description_kind":"plain","computed":true},"description":{"type":"string","description_kind":"plain","optional":true},"firewall_id":{"type":"string","description_kind":"plain","required":true},"gateway":{"type":"string","description_kind":"plain","required":true},"id":{"type":"string","description_kind":"plain","optional":true,"computed":true},"name":{"type":"string","description_kind":"plain","required":true},"netmask":{"type":"string","description_kind":"plain","required":true},"server_ids":{"type":["set","string"],"description_kind":"plain","optional":true},"state":{"type":"string","description_kind":"plain","computed":true},"type":{"type":"string","description_kind":"plain","computed":true},"vpc_id":{"type":"string","description_kind":"plain","required":true}},"description_kind":"plain"}},"cmccloud_network_server":{"version":1,"block":{"attributes":{"id":{"type":"string","description_kind":"plain","optional":true,"computed":true},"network_id":{"type":"number","description_kind":"plain","required":true},"server_id":{"type":"string","description_kind":"plain","required":true}},"description_kind":"plain"}},"cmccloud_server":{"version":1,"block":{"attributes":{"auto_backup":{"type":"bool","description_kind":"plain","optional":true},"backup_schedule":{"type":"string","description_kind":"plain","optional":true},"bits":{"type":"number","description_kind":"plain","computed":true},"cpu":{"type":"number","description_kind":"plain","required":true},"created":{"type":"string","description_kind":"plain","computed":true},"enable_private_network":{"type":"bool","description_kind":"plain","optional":true},"gpu":{"type":"number","description_kind":"plain","optional":true},"id":{"type":"string","description_kind":"plain","optional":true,"computed":true},"image_id":{"type":"string","description_kind":"plain","required":true},"image_name":{"type":"string","description_kind":"plain","computed":true},"image_type":{"type":"string","description_kind":"plain","required":true},"main_ip_address":{"type":"string","description_kind":"plain","computed":true},"name":{"type":"string","description_kind":"plain","required":true},"ram":{"type":"number","description_kind":"plain","required":true},"region":{"type":"string","description_kind":"plain","required":true},"root":{"type":"number","description_kind":"plain","required":true},"state":{"type":"string","description_kind":"plain","computed":true}},"description_kind":"plain"}},"cmccloud_snapshot":{"version":1,"block":{"attributes":{"created":{"type":"string","description_kind":"plain","computed":true},"id":{"type":"string","description_kind":"plain","optional":true,"computed":true},"name":{"type":"string","description_kind":"plain","optional":true},"server_id":{"type":"string","description_kind":"plain","optional":true},"server_name":{"type":"string","description_kind":"plain","computed":true},"state":{"type":"string","description_kind":"plain","computed":true},"volume_id":{"type":"string","description_kind":"plain","optional":true},"volume_name":{"type":"string","description_kind":"plain","computed":true}},"description_kind":"plain"}},"cmccloud_volume":{"version":1,"block":{"attributes":{"created":{"type":"string","description_kind":"plain","computed":true},"id":{"type":"string","description_kind":"plain","optional":true,"computed":true},"name":{"type":"string","description_kind":"plain","required":true},"region":{"type":"string","description_kind":"plain","optional":true},"server_id":{"type":"string","description_kind":"plain","optional":true},"size":{"type":"number","description_kind":"plain","required":true},"state":{"type":"string","description_kind":"plain","computed":true},"type":{"type":"string","description_kind":"plain","required":true}},"description_kind":"plain"}},"cmccloud_vpc":{"version":1,"block":{"attributes":{"cidr":{"type":"string","description_kind":"plain","required":true},"description":{"type":"string","description_kind":"plain","optional":true},"id":{"type":"string","description_kind":"plain","optional":true,"computed":true},"name":{"type":"string","description_kind":"plain","required":true},"region":{"type":"string","description_kind":"plain","required":true},"state":{"type":"string","description_kind":"plain","computed":true}},"description_kind":"plain"}}}}}}
