{"format_version":"0.2","provider_schemas":{"registry.terraform.io/cmu-sei/crucible":{"provider":{"version":0,"block":{"attributes":{"auth_url":{"type":"string","description_kind":"plain","optional":true},"client_id":{"type":"string","description_kind":"plain","optional":true},"client_secret":{"type":"string","description_kind":"plain","optional":true},"password":{"type":"string","description_kind":"plain","optional":true},"player_api_url":{"type":"string","description_kind":"plain","optional":true},"token_url":{"type":"string","description_kind":"plain","optional":true},"username":{"type":"string","description_kind":"plain","optional":true},"vm_api_url":{"type":"string","description_kind":"plain","optional":true}},"description_kind":"plain"}},"resource_schemas":{"crucible_player_application_template":{"version":0,"block":{"attributes":{"embeddable":{"type":"bool","description_kind":"plain","optional":true},"icon":{"type":"string","description_kind":"plain","optional":true},"id":{"type":"string","description_kind":"plain","optional":true,"computed":true},"load_in_background":{"type":"bool","description_kind":"plain","optional":true},"name":{"type":"string","description_kind":"plain","required":true},"url":{"type":"string","description_kind":"plain","optional":true}},"description_kind":"plain"}},"crucible_player_user":{"version":0,"block":{"attributes":{"id":{"type":"string","description_kind":"plain","optional":true,"computed":true},"is_system_admin":{"type":"bool","description_kind":"plain","computed":true},"name":{"type":"string","description_kind":"plain","required":true},"role":{"type":"string","description_kind":"plain","optional":true},"user_id":{"type":"string","description_kind":"plain","required":true}},"description_kind":"plain"}},"crucible_player_view":{"version":0,"block":{"attributes":{"create_admin_team":{"type":"bool","description_kind":"plain","optional":true},"description":{"type":"string","description_kind":"plain","optional":true},"id":{"type":"string","description_kind":"plain","optional":true,"computed":true},"name":{"type":"string","description_kind":"plain","required":true},"status":{"type":"string","description_kind":"plain","optional":true}},"block_types":{"application":{"nesting_mode":"list","block":{"attributes":{"app_id":{"type":"string","description_kind":"plain","computed":true},"app_template_id":{"type":"string","description_kind":"plain","optional":true},"embeddable":{"type":"string","description_kind":"plain","optional":true},"icon":{"type":"string","description_kind":"plain","optional":true},"load_in_background":{"type":"string","description_kind":"plain","optional":true},"name":{"type":"string","description_kind":"plain","required":true},"url":{"type":"string","description_kind":"plain","optional":true},"v_id":{"type":"string","description_kind":"plain","computed":true}},"description_kind":"plain"}},"team":{"nesting_mode":"list","block":{"attributes":{"name":{"type":"string","description_kind":"plain","required":true},"permissions":{"type":["list","string"],"description_kind":"plain","optional":true},"role":{"type":"string","description_kind":"plain","optional":true},"team_id":{"type":"string","description_kind":"plain","computed":true}},"block_types":{"app_instance":{"nesting_mode":"list","block":{"attributes":{"display_order":{"type":"number","description_kind":"plain","optional":true},"id":{"type":"string","description_kind":"plain","computed":true},"name":{"type":"string","description_kind":"plain","required":true}},"description_kind":"plain"}},"user":{"nesting_mode":"list","block":{"attributes":{"role":{"type":"string","description_kind":"plain","optional":true},"user_id":{"type":"string","description_kind":"plain","required":true}},"description_kind":"plain"}}},"description_kind":"plain"}}},"description_kind":"plain"}},"crucible_player_virtual_machine":{"version":0,"block":{"attributes":{"id":{"type":"string","description_kind":"plain","optional":true,"computed":true},"name":{"type":"string","description_kind":"plain","required":true},"team_ids":{"type":["list","string"],"description_kind":"plain","required":true},"url":{"type":"string","description_kind":"plain","optional":true},"user_id":{"type":"string","description_kind":"plain","optional":true},"vm_id":{"type":"string","description_kind":"plain","optional":true}},"block_types":{"console_connection_info":{"nesting_mode":"list","block":{"attributes":{"hostname":{"type":"string","description_kind":"plain","optional":true},"password":{"type":"string","description_kind":"plain","optional":true},"port":{"type":"string","description_kind":"plain","optional":true},"protocol":{"type":"string","description_kind":"plain","optional":true},"username":{"type":"string","description_kind":"plain","optional":true}},"description_kind":"plain"}}},"description_kind":"plain"}}}}}}
