{"format_version":"0.2","provider_schemas":{"registry.terraform.io/cmu-sei/identity":{"provider":{"version":0,"block":{"attributes":{"client_id":{"type":"string","description_kind":"plain","optional":true},"client_secret":{"type":"string","description_kind":"plain","optional":true},"id_api_url":{"type":"string","description_kind":"plain","optional":true},"id_token_url":{"type":"string","description_kind":"plain","optional":true},"password":{"type":"string","description_kind":"plain","optional":true},"username":{"type":"string","description_kind":"plain","optional":true}},"description_kind":"plain"}},"resource_schemas":{"identity_account":{"version":0,"block":{"attributes":{"global_id":{"type":"string","description_kind":"plain","computed":true},"id":{"type":"string","description_kind":"plain","optional":true,"computed":true},"password":{"type":"string","description_kind":"plain","required":true},"role":{"type":"string","description_kind":"plain","optional":true},"status":{"type":"string","description_kind":"plain","computed":true},"username":{"type":"string","description_kind":"plain","required":true}},"block_types":{"property":{"nesting_mode":"list","block":{"attributes":{"account_id":{"type":"number","description_kind":"plain","computed":true},"key":{"type":"string","description_kind":"plain","required":true},"value":{"type":"string","description_kind":"plain","required":true}},"description_kind":"plain"}}},"description_kind":"plain"}},"identity_client":{"version":0,"block":{"attributes":{"display_name":{"type":"string","description_kind":"plain","optional":true},"enabled":{"type":"bool","description_kind":"plain","optional":true},"grants":{"type":"string","description_kind":"plain","optional":true},"id":{"type":"string","description_kind":"plain","optional":true,"computed":true},"name":{"type":"string","description_kind":"plain","required":true},"scopes":{"type":"string","description_kind":"plain","required":true}},"block_types":{"claim":{"nesting_mode":"list","block":{"attributes":{"client_id":{"type":"number","description_kind":"plain","computed":true},"deleted":{"type":"bool","description_kind":"plain","optional":true},"id":{"type":"number","description_kind":"plain","computed":true},"value":{"type":"string","description_kind":"plain","required":true}},"description_kind":"plain"}},"secret":{"nesting_mode":"list","block":{"attributes":{"deleted":{"type":"bool","description_kind":"plain","optional":true},"id":{"type":"number","description_kind":"plain","computed":true},"value":{"type":"string","description_kind":"plain","computed":true}},"description_kind":"plain"}},"url":{"nesting_mode":"list","block":{"attributes":{"client_id":{"type":"number","description_kind":"plain","computed":true},"deleted":{"type":"bool","description_kind":"plain","optional":true},"id":{"type":"number","description_kind":"plain","computed":true},"type":{"type":"string","description_kind":"plain","required":true},"value":{"type":"string","description_kind":"plain","required":true}},"description_kind":"plain"},"min_items":1}},"description_kind":"plain"}}}}}}
