{"format_version":"0.2","provider_schemas":{"registry.terraform.io/cobbler/cobbler":{"provider":{"version":0,"block":{"attributes":{"cacert_file":{"type":"string","description":"The path or contents of an SSL CA certificate. This can also be specified with the `COBBLER_CACERT_FILE`shell environment variable.","description_kind":"plain","optional":true},"insecure":{"type":"bool","description":"The url to the Cobbler service. This can also be specified with the `COBBLER_URL` shell environment variable.","description_kind":"plain","optional":true},"password":{"type":"string","description":"The password to the Cobbler service. This can also be specified with the `COBBLER_PASSWORD` shell environment variable.","description_kind":"plain","required":true},"url":{"type":"string","description":"The url to the Cobbler service. This can also be specified with the `COBBLER_URL` shell environment variable.","description_kind":"plain","required":true},"username":{"type":"string","description":"The username to the Cobbler service. This can also be specified with the `COBBLER_USERNAME` shell environment variable.","description_kind":"plain","required":true}},"description_kind":"plain"}},"resource_schemas":{"cobbler_distro":{"version":0,"block":{"attributes":{"arch":{"type":"string","description":"The architecture of the distro. Valid options are: i386, x86_64, ia64, ppc, ppc64, s390, arm.","description_kind":"plain","optional":true,"computed":true},"boot_files":{"type":"string","description":"Files copied into tftpboot beyond the kernel/initrd.","description_kind":"plain","optional":true,"computed":true},"boot_loader":{"type":"string","description":" Must be either `grub` or `pxelinux`.","description_kind":"plain","optional":true,"computed":true},"breed":{"type":"string","description":"The \"breed\" of distribution. Valid options are: redhat, fedora, centos, scientific linux, suse, debian, and ubuntu. These choices may vary depending on the version of Cobbler in use.","description_kind":"plain","required":true},"comment":{"type":"string","description":"Free form text description.","description_kind":"plain","optional":true,"computed":true},"fetchable_files":{"type":"string","description":"Templates for tftp or wget.","description_kind":"plain","optional":true,"computed":true},"id":{"type":"string","description_kind":"plain","optional":true,"computed":true},"initrd":{"type":"string","description":"Absolute path to initrd on filesystem. This must already exist prior to creating the distro.","description_kind":"plain","required":true},"kernel":{"type":"string","description":"Absolute path to kernel on filesystem. This must already exist prior to creating the distro.","description_kind":"plain","required":true},"kernel_options":{"type":"string","description":"Kernel options to use with the kernel.","description_kind":"plain","optional":true,"computed":true},"kernel_options_post":{"type":"string","description":"Post install Kernel options to use with the kernel after installation.","description_kind":"plain","optional":true,"computed":true},"mgmt_classes":{"type":["list","string"],"description":"Management classes for external config management.","description_kind":"plain","optional":true,"computed":true},"name":{"type":"string","description":"A name for the distro.","description_kind":"plain","required":true},"os_version":{"type":"string","description":"The version of the distro you are creating. This varies with the version of Cobbler you are using. An updated signature list may need to be obtained in order to support a newer version. Example: `bionic`.","description_kind":"plain","required":true},"owners":{"type":["list","string"],"description":"Owners list for authz_ownership.","description_kind":"plain","optional":true,"computed":true},"redhat_management_key":{"type":"string","description":"Obsolete - removed in Cobbler 3.","description_kind":"plain","optional":true,"computed":true},"template_files":{"type":"string","description":"File mappings for built-in config management.","description_kind":"plain","optional":true,"computed":true}},"description":"`cobbler_distro` manages a distribution within Cobbler.","description_kind":"plain"}},"cobbler_profile":{"version":0,"block":{"attributes":{"autoinstall":{"type":"string","description":"Template remote kickstarts or preseeds.","description_kind":"plain","optional":true,"computed":true},"autoinstall_meta":{"type":"string","description":"Automatic installation template metadata, formerly Kickstart metadata.","description_kind":"plain","optional":true,"computed":true},"boot_files":{"type":"string","description":"Files copied into tftpboot beyond the kernel/initrd.","description_kind":"plain","optional":true,"computed":true},"comment":{"type":"string","description":"Free form text description.","description_kind":"plain","optional":true,"computed":true},"dhcp_tag":{"type":"string","description":"DHCP tag.","description_kind":"plain","optional":true},"distro":{"type":"string","description":"Parent distribution.","description_kind":"plain","required":true},"enable_gpxe":{"type":"bool","description":"Use gPXE instead of PXELINUX for advanced booting options.","description_kind":"plain","optional":true,"computed":true},"enable_menu":{"type":"bool","description":"Enable a boot menu.","description_kind":"plain","optional":true,"computed":true},"fetchable_files":{"type":"string","description":"Templates for tftp or wget.","description_kind":"plain","optional":true,"computed":true},"id":{"type":"string","description_kind":"plain","optional":true,"computed":true},"kernel_options":{"type":"string","description":"Kernel options for the profile.","description_kind":"plain","optional":true,"computed":true},"kernel_options_post":{"type":"string","description":"Post install kernel options.","description_kind":"plain","optional":true,"computed":true},"mgmt_classes":{"type":["list","string"],"description":"For external configuration management.","description_kind":"plain","optional":true,"computed":true},"mgmt_parameters":{"type":"string","description":"Parameters which will be handed to your management application (Must be a valid YAML dictionary).","description_kind":"plain","optional":true,"computed":true},"name":{"type":"string","description":"The name of the profile.","description_kind":"plain","required":true},"name_servers":{"type":["list","string"],"description":"Name servers.","description_kind":"plain","optional":true,"computed":true},"name_servers_search":{"type":["list","string"],"description":"Name server search settings.","description_kind":"plain","optional":true,"computed":true},"next_server":{"type":"string","description":"The next_server option is used for DHCP/PXE as the IP of the TFTP server from which network boot files are downloaded. Usually, this will be the same IP as the server setting.","description_kind":"plain","optional":true,"computed":true},"owners":{"type":["list","string"],"description":"Owners list for authz_ownership.","description_kind":"plain","optional":true,"computed":true},"parent":{"type":"string","description":"The parent this profile inherits settings from.","description_kind":"plain","optional":true,"computed":true},"proxy":{"type":"string","description":"Proxy URL.","description_kind":"plain","optional":true,"computed":true},"redhat_management_key":{"type":"string","description":"Obsolete - removed in Cobbler 3.","description_kind":"plain","optional":true,"computed":true},"repos":{"type":["list","string"],"description":"Repos to auto-assign to this profile.","description_kind":"plain","optional":true,"computed":true},"server":{"type":"string","description":"The server-override for the profile.","description_kind":"plain","optional":true,"computed":true},"template_files":{"type":"string","description":"File mappings for built-in config management.","description_kind":"plain","optional":true,"computed":true},"virt_auto_boot":{"type":"string","description":"Auto boot virtual machines.","description_kind":"plain","optional":true,"computed":true},"virt_bridge":{"type":"string","description":"The bridge for virtual machines.","description_kind":"plain","optional":true,"computed":true},"virt_cpus":{"type":"string","description":"The number of virtual CPUs","description_kind":"plain","optional":true,"computed":true},"virt_disk_driver":{"type":"string","description":"The virtual machine disk driver.","description_kind":"plain","optional":true,"computed":true},"virt_file_size":{"type":"string","description":"The virtual machine file size.","description_kind":"plain","optional":true,"computed":true},"virt_path":{"type":"string","description":"The virtual machine path.","description_kind":"plain","optional":true,"computed":true},"virt_ram":{"type":"string","description":"The amount of RAM for the virtual machine.","description_kind":"plain","optional":true,"computed":true},"virt_type":{"type":"string","description":"The type of virtual machine. Valid options are: xenpv, xenfv, qemu, kvm, vmware, openvz.","description_kind":"plain","optional":true,"computed":true}},"description":"`cobbler_profile` manages a profile within Cobbler.","description_kind":"plain"}},"cobbler_repo":{"version":0,"block":{"attributes":{"apt_components":{"type":["list","string"],"description":"List of Apt components such as main, restricted, universe. Applicable to apt breeds only.","description_kind":"plain","optional":true,"computed":true},"apt_dists":{"type":["list","string"],"description":"List of Apt distribution names such as bionic, bionic-updates. Applicable to apt breeds only.","description_kind":"plain","optional":true,"computed":true},"arch":{"type":"string","description":"The architecture of the repo. Valid options are: i386, x86_64, ia64, ppc, ppc64, s390, arm.","description_kind":"plain","optional":true,"computed":true},"breed":{"type":"string","description":"The \"breed\" of distribution. Valid options are: rsync, rhn, yum, apt, and wget. These choices may vary depending on the version of Cobbler in use.","description_kind":"plain","required":true},"comment":{"type":"string","description":"Free form text description.","description_kind":"plain","optional":true,"computed":true},"createrepo_flags":{"type":"string","description":"Flags to use with `createrepo`.","description_kind":"plain","optional":true,"computed":true},"environment":{"type":"string","description":"Environment variables to use during repo command execution.","description_kind":"plain","optional":true,"computed":true},"id":{"type":"string","description_kind":"plain","optional":true,"computed":true},"keep_updated":{"type":"bool","description":"Update the repo upon Cobbler sync. Valid values are true or false.","description_kind":"plain","optional":true,"computed":true},"mirror":{"type":"string","description":"Address of the repo to mirror.","description_kind":"plain","required":true},"mirror_locally":{"type":"bool","description":"Whether to copy the files locally or just references to the external files. Valid values are true or false.","description_kind":"plain","optional":true,"computed":true},"name":{"type":"string","description":"A name for the repo.","description_kind":"plain","required":true},"owners":{"type":["list","string"],"description":"List of Owners for authz_ownership.","description_kind":"plain","optional":true,"computed":true},"proxy":{"type":"string","description":"Proxy to use for downloading the repo. This argument does not work on older versions of Cobbler.","description_kind":"plain","optional":true,"computed":true},"rpm_list":{"type":["list","string"],"description":"List of specific RPMs to mirror.","description_kind":"plain","optional":true,"computed":true}},"description":"`cobbler_repo` manages a repo within Cobbler.","description_kind":"plain"}},"cobbler_snippet":{"version":0,"block":{"attributes":{"body":{"type":"string","description":"The body of the snippet. May also point to a file: `body = file(\"my_snippet\")`.","description_kind":"plain","required":true},"id":{"type":"string","description_kind":"plain","optional":true,"computed":true},"name":{"type":"string","description":"The name of the snippet. This must be the name only, so without `/var/lib/cobbler/snippets`.","description_kind":"plain","required":true}},"description":"`cobbler_snippet` manages a snippet within Cobbler.","description_kind":"plain"}},"cobbler_system":{"version":0,"block":{"attributes":{"autoinstall":{"type":"string","description":"Template remote kickstarts or preseeds.","description_kind":"plain","optional":true,"computed":true},"autoinstall_meta":{"type":"string","description":"Automatic installation template metadata, formerly Kickstart metadata.","description_kind":"plain","optional":true,"computed":true},"boot_files":{"type":"string","description":"Files copied into tftpboot beyond the kernel/initrd.","description_kind":"plain","optional":true,"computed":true},"boot_loader":{"type":"string","description":"Must be either `grub` or `pxelinux`.","description_kind":"plain","optional":true,"computed":true},"comment":{"type":"string","description":"Free form text description.","description_kind":"plain","optional":true,"computed":true},"enable_gpxe":{"type":"bool","description":"Use gPXE instead of PXELINUX for advanced booting options.","description_kind":"plain","optional":true,"computed":true},"fetchable_files":{"type":"string","description":"Templates for tftp or wget.","description_kind":"plain","optional":true,"computed":true},"gateway":{"type":"string","description":"Network gateway.","description_kind":"plain","optional":true,"computed":true},"hostname":{"type":"string","description":"Hostname of the system.","description_kind":"plain","optional":true,"computed":true},"id":{"type":"string","description_kind":"plain","optional":true,"computed":true},"image":{"type":"string","description":"Parent image (if no profile is used).","description_kind":"plain","optional":true,"computed":true},"ipv6_default_device":{"type":"string","description":"IPv6 default device.","description_kind":"plain","optional":true,"computed":true},"kernel_options":{"type":"string","description":"Kernel options. ex: `selinux=permissive`.","description_kind":"plain","optional":true,"computed":true},"kernel_options_post":{"type":"string","description":"Kernel options (post install).","description_kind":"plain","optional":true,"computed":true},"mgmt_classes":{"type":["list","string"],"description":"For external configuration management.","description_kind":"plain","optional":true,"computed":true},"mgmt_parameters":{"type":"string","description":"Parameters which will be handed to your management application (Must be a valid YAML dictionary).","description_kind":"plain","optional":true,"computed":true},"name":{"type":"string","description":"The name of the system.","description_kind":"plain","required":true},"name_servers":{"type":["list","string"],"description":"Name servers.","description_kind":"plain","optional":true,"computed":true},"name_servers_search":{"type":["list","string"],"description":"Name server search settings.","description_kind":"plain","optional":true,"computed":true},"netboot_enabled":{"type":"bool","description":"(Re)install this machine at next boot.","description_kind":"plain","optional":true,"computed":true},"next_server":{"type":"string","description":"The next_server option is used for DHCP/PXE as the IP of the TFTP server from which network boot files are downloaded. Usually, this will be the same IP as the server setting.","description_kind":"plain","optional":true,"computed":true},"owners":{"type":["list","string"],"description":"Owners list for authz_ownership.","description_kind":"plain","optional":true,"computed":true},"power_address":{"type":"string","description":"Power management address.","description_kind":"plain","optional":true,"computed":true},"power_id":{"type":"string","description":"Usually a plug number or blade name if power type requires it.","description_kind":"plain","optional":true,"computed":true},"power_pass":{"type":"string","description":"Power management password.","description_kind":"plain","optional":true,"computed":true},"power_type":{"type":"string","description":"Power management type.","description_kind":"plain","optional":true,"computed":true},"power_user":{"type":"string","description":"Power management user.","description_kind":"plain","optional":true,"computed":true},"profile":{"type":"string","description":"Parent profile.","description_kind":"plain","required":true},"proxy":{"type":"string","description":"Proxy URL.","description_kind":"plain","optional":true,"computed":true},"redhat_management_key":{"type":"string","description":"Obsolete - removed in Cobbler 3.","description_kind":"plain","optional":true,"computed":true},"status":{"type":"string","description":"System status (development, testing, acceptance, production).","description_kind":"plain","optional":true,"computed":true},"template_files":{"type":"string","description":"File mappings for built-in config management.","description_kind":"plain","optional":true,"computed":true},"virt_auto_boot":{"type":"string","description":"Auto boot virtual machines.","description_kind":"plain","optional":true,"computed":true},"virt_cpus":{"type":"string","description":"The number of virtual CPUs","description_kind":"plain","optional":true,"computed":true},"virt_disk_driver":{"type":"string","description":"The virtual machine disk driver.","description_kind":"plain","optional":true,"computed":true},"virt_file_size":{"type":"string","description":"The virtual machine file size.","description_kind":"plain","optional":true,"computed":true},"virt_path":{"type":"string","description":"The virtual machine path.","description_kind":"plain","optional":true,"computed":true},"virt_pxe_boot":{"type":"number","description":"Use PXE to build this virtual machine.","description_kind":"plain","optional":true,"computed":true},"virt_ram":{"type":"string","description":"The amount of RAM for the virtual machine.","description_kind":"plain","optional":true,"computed":true},"virt_type":{"type":"string","description":"The type of virtual machine. Valid options are: xenpv, xenfv, qemu, kvm, vmware, openvz.","description_kind":"plain","optional":true,"computed":true}},"block_types":{"interface":{"nesting_mode":"set","block":{"attributes":{"bonding_opts":{"type":"string","description":"Options for bonded interfaces.","description_kind":"plain","optional":true,"computed":true},"bridge_opts":{"type":"string","description":"Options for bridge interfaces.","description_kind":"plain","optional":true,"computed":true},"cnames":{"type":["list","string"],"description":"Canonical name records.","description_kind":"plain","optional":true,"computed":true},"dhcp_tag":{"type":"string","description":"DHCP tag.","description_kind":"plain","optional":true,"computed":true},"dns_name":{"type":"string","description":"DNS name.","description_kind":"plain","optional":true,"computed":true},"gateway":{"type":"string","description":"Per-interface gateway.","description_kind":"plain","optional":true,"computed":true},"interface_master":{"type":"string","description":"The master interface when slave.","description_kind":"plain","optional":true,"computed":true},"interface_type":{"type":"string","description":"The type of interface: na, master, slave, bond, bond_slave, bridge, bridge_slave, bonded_bridge_slave.","description_kind":"plain","optional":true,"computed":true},"ip_address":{"type":"string","description":"The IP address of the interface.","description_kind":"plain","optional":true,"computed":true},"ipv6_address":{"type":"string","description":"The IPv6 address of the interface.","description_kind":"plain","optional":true,"computed":true},"ipv6_default_gateway":{"type":"string","description":"The default gateawy for the IPv6 address / interface.","description_kind":"plain","optional":true,"computed":true},"ipv6_mtu":{"type":"string","description":"The MTU of the IPv6 address.","description_kind":"plain","optional":true,"computed":true},"ipv6_secondaries":{"type":["list","string"],"description":"IPv6 secondaries.","description_kind":"plain","optional":true,"computed":true},"ipv6_static_routes":{"type":["list","string"],"description":"Static routes for the IPv6 interface.","description_kind":"plain","optional":true,"computed":true},"mac_address":{"type":"string","description":"The MAC address of the interface.","description_kind":"plain","optional":true,"computed":true},"management":{"type":"bool","description":"Whether this interface is a management interface.","description_kind":"plain","optional":true,"computed":true},"name":{"type":"string","description":"The device name of the interface. ex: `eth0`.","description_kind":"plain","required":true},"netmask":{"type":"string","description":"The IPv4 netmask of the interface.","description_kind":"plain","optional":true,"computed":true},"static":{"type":"bool","description":"Whether the interface should be static or DHCP.","description_kind":"plain","optional":true,"computed":true},"static_routes":{"type":["list","string"],"description":"Static routes for the interface.","description_kind":"plain","optional":true,"computed":true},"virt_bridge":{"type":"string","description":"The virtual bridge to attach to.","description_kind":"plain","optional":true,"computed":true}},"description":"The `interface` Block Set.","description_kind":"plain"}}},"description":"`cobbler_system` manages a system within Cobbler.","description_kind":"plain"}},"cobbler_template_file":{"version":0,"block":{"attributes":{"body":{"type":"string","description":"The body of the template file. May also point to a file: `body = file(\"my_template.ks\")`.","description_kind":"plain","required":true},"id":{"type":"string","description_kind":"plain","optional":true,"computed":true},"name":{"type":"string","description":"The name of the template file. This must be the name only, so without `/var/lib/cobbler/templates`.","description_kind":"plain","required":true}},"description":"`cobbler_template_file` manages a template file within Cobbler.","description_kind":"plain"}}}}}}
