{"format_version":"0.2","provider_schemas":{"registry.terraform.io/codaglobal/tmc":{"provider":{"version":0,"block":{"attributes":{"api_token":{"type":"string","description":"API_TOKEN generated by the VMware Cloud Services Console. If not set,\ndefaults to the environment variable TMC_API_TOKEN","description_kind":"plain","optional":true,"sensitive":true},"org_url":{"type":"string","description":"VMware Cloud Console Service URL unique to your organization. If not set,\ndefaults to the environment variable TMC_ORG_URL","description_kind":"plain","optional":true}},"description_kind":"plain"}},"resource_schemas":{"tmc_aws_cluster":{"version":0,"block":{"attributes":{"cluster_group":{"type":"string","description":"Name of the cluster group","description_kind":"plain","required":true},"credential_name":{"type":"string","description":"Kubernetes version of the AWS Cluster","description_kind":"plain","required":true},"description":{"type":"string","description":"Description of the Cluster","description_kind":"plain","optional":true},"id":{"type":"string","description":"Unique ID of the Cluster","description_kind":"plain","computed":true},"labels":{"type":["map","string"],"description_kind":"plain","optional":true},"management_cluster":{"type":"string","description":"Name of an existing management cluster to be used","description_kind":"plain","required":true},"name":{"type":"string","description":"Name of the Cluster","description_kind":"plain","required":true},"pod_cidrblock":{"type":"string","description":"CIDR block used by the Cluster's Pods","description_kind":"plain","optional":true},"provisioner_name":{"type":"string","description":"Name of an existing provisioner to be used","description_kind":"plain","required":true},"region":{"type":"string","description":"Region of the AWS Cluster","description_kind":"plain","required":true},"resource_version":{"type":"string","description":"Resource version of the Cluster","description_kind":"plain","computed":true},"service_cidrblock":{"type":"string","description":"CIDR block used by the Cluster's Services","description_kind":"plain","optional":true},"ssh_key":{"type":"string","description":"Name of the SSH Keypair used in the AWS Cluster","description_kind":"plain","required":true},"version":{"type":"string","description":"Kubernetes version to be used","description_kind":"plain","required":true}},"block_types":{"control_plane_spec":{"nesting_mode":"list","block":{"attributes":{"availability_zones":{"type":["list","string"],"description":"Availability zones of the control plane node","description_kind":"plain","required":true},"instance_type":{"type":"string","description":"Instance type used to deploy the control plane node","description_kind":"plain","required":true},"private_subnets":{"type":["list","string"],"description":"IDs of the private subnets in the specified availability zones","description_kind":"plain","optional":true},"public_subnets":{"type":["list","string"],"description":"IDs of the public subnets in the specified availability zones","description_kind":"plain","optional":true},"vpc_cidrblock":{"type":"string","description":"CIDR block used by the Cluster's VPC","description_kind":"plain","optional":true},"vpc_id":{"type":"string","description":"ID of an existing VPC to be used","description_kind":"plain","optional":true}},"description":"Contains information related to the Control Plane of the cluster","description_kind":"plain"},"min_items":1,"max_items":1}},"description_kind":"plain"}},"tmc_aws_data_protection_credential":{"version":0,"block":{"attributes":{"capability":{"type":"string","description":"Capability of the Tanzu Aws Data Protection Credential","description_kind":"plain","computed":true},"credential_provider":{"type":"string","description":"Credential Provider of the Tanzu Aws Data Protection Credential","description_kind":"plain","computed":true},"iam_role_arn":{"type":"string","description":"IAM Role Arn of the Tanzu Aws Data Protection Credential","description_kind":"plain","required":true},"id":{"type":"string","description":"Unique ID of the Tanzu Aws Data Protection Credential","description_kind":"plain","computed":true},"name":{"type":"string","description":"Name of the Tanzu Aws Data Protection Credential","description_kind":"plain","required":true},"status":{"type":"string","description_kind":"plain","computed":true}},"description_kind":"plain"}},"tmc_aws_nodepool":{"version":0,"block":{"attributes":{"availability_zone":{"type":"string","description":"Availability zone of the worker node","description_kind":"plain","required":true},"cloud_labels":{"type":["map","string"],"description_kind":"plain","optional":true},"cluster_name":{"type":"string","description":"Name of the cluster in which the nodepool is present","description_kind":"plain","required":true},"description":{"type":"string","description":"Description of the Nodepool","description_kind":"plain","optional":true},"id":{"type":"string","description":"Unique ID of the Nodepool","description_kind":"plain","computed":true},"instance_type":{"type":"string","description":"Instance type used to deploy the worker node","description_kind":"plain","required":true},"management_cluster":{"type":"string","description":"Name of the management cluster used","description_kind":"plain","required":true},"name":{"type":"string","description":"Name of the Nodepool in the cluster","description_kind":"plain","required":true},"node_labels":{"type":["map","string"],"description_kind":"plain","optional":true},"provisioner_name":{"type":"string","description":"Name of the provisioner","description_kind":"plain","required":true},"version":{"type":"string","description":"Kubernetes version to be used","description_kind":"plain","required":true},"worker_node_count":{"type":"number","description":"Number of worker nodes in the nodepool","description_kind":"plain","required":true}},"description_kind":"plain"}},"tmc_aws_storage_credential":{"version":0,"block":{"attributes":{"access_key_id":{"type":"string","description":"Access Key ID of the Tanzu Aws Storage Credential","description_kind":"plain","required":true,"sensitive":true},"capability":{"type":"string","description":"Capability of the Tanzu Aws Storage Credential","description_kind":"plain","computed":true},"credential_provider":{"type":"string","description":"Credential Provider of the Tanzu Aws Storage Credential","description_kind":"plain","computed":true},"id":{"type":"string","description":"Unique ID of the Tanzu Aws Storage Credential","description_kind":"plain","computed":true},"name":{"type":"string","description":"Name of the Tanzu Aws Storage Credential","description_kind":"plain","required":true},"secret_access_key":{"type":"string","description":"Secret Access Key of the Tanzu Aws Storage Credential","description_kind":"plain","required":true,"sensitive":true},"status":{"type":"string","description_kind":"plain","computed":true}},"description_kind":"plain"}},"tmc_cluster_backup":{"version":0,"block":{"attributes":{"cluster_name":{"type":"string","description":"Name of the Tanzu Cluster","description_kind":"plain","required":true},"excluded_namespaces":{"type":["list","string"],"description":"The namespaces to be excluded in the backup.","description_kind":"plain","optional":true},"excluded_resources":{"type":["list","string"],"description":"The name list for the resources to be excluded in backup.","description_kind":"plain","optional":true},"id":{"type":"string","description":"Unique ID of the Tanzu Cluster Backup","description_kind":"plain","computed":true},"include_cluster_scoped_resources":{"type":"bool","description":"A flag which specifies whether cluster-scoped resources should be included for consideration in the backup","description_kind":"plain","optional":true},"included_namespaces":{"type":["list","string"],"description":"The namespaces to be included for backup from. If empty, all namespaces are included.","description_kind":"plain","optional":true},"included_resources":{"type":["list","string"],"description":"The name list for the resources to be included into backup. If empty, all resources are included.","description_kind":"plain","optional":true},"labels":{"type":["map","string"],"description_kind":"plain","optional":true},"management_cluster_name":{"type":"string","description":"Name of the Tanzu Management Cluster","description_kind":"plain","required":true},"name":{"type":"string","description":"Unique Name of the Tanzu Cluster Backup","description_kind":"plain","required":true},"provisioner_name":{"type":"string","description":"Name of the Tanzu Management Cluster Provisioner","description_kind":"plain","required":true},"retention_period":{"type":"string","description":"The backup retention period.","description_kind":"plain","required":true},"snapshot_volumes":{"type":"bool","description":"A flag which specifies whether to take cloud snapshots of any PV's referenced in the set of objects included in the Backup.","description_kind":"plain","optional":true},"status":{"type":"string","description_kind":"plain","computed":true},"storage_location":{"type":"string","description":"The name of a BackupStorageLocation where the backup should be stored.","description_kind":"plain","required":true},"volume_snapshot_locations":{"type":["list","string"],"description":"A list containing names of VolumeSnapshotLocations associated with this backup.","description_kind":"plain","optional":true}},"block_types":{"label_selector":{"nesting_mode":"list","block":{"attributes":{"match_labels":{"type":["map","string"],"description_kind":"plain","optional":true}},"block_types":{"match_expressions":{"nesting_mode":"list","block":{"attributes":{"key":{"type":"string","description_kind":"plain","computed":true},"operator":{"type":"string","description_kind":"plain","computed":true},"values":{"type":["list","string"],"description_kind":"plain","computed":true}},"description_kind":"plain"}}},"description":"Label query over a set of resources to be included in backup.","description_kind":"plain"}}},"description_kind":"plain"}},"tmc_cluster_group":{"version":0,"block":{"attributes":{"description":{"type":"string","description":"Optional Description for the Tanzu Cluster Group","description_kind":"plain","optional":true},"id":{"type":"string","description":"Unique ID of the Tanzu Cluster Group","description_kind":"plain","computed":true},"labels":{"type":["map","string"],"description_kind":"plain","optional":true},"name":{"type":"string","description":"Unique Name of the Tanzu Cluster Group in your Org","description_kind":"plain","required":true}},"description_kind":"plain"}},"tmc_observability_credential":{"version":0,"block":{"attributes":{"api_token":{"type":"string","description":"API Token of the Tanzu Observability Credential","description_kind":"plain","required":true,"sensitive":true},"capability":{"type":"string","description":"Capability of the Tanzu Observability Credential","description_kind":"plain","computed":true},"id":{"type":"string","description":"Unique ID of the Tanzu Observability Credential","description_kind":"plain","computed":true},"name":{"type":"string","description":"Name of the Tanzu Observability Credential","description_kind":"plain","required":true},"observability_url":{"type":"string","description":"URL of the Tanzu Observability Credential","description_kind":"plain","required":true},"status":{"type":"string","description_kind":"plain","computed":true}},"description_kind":"plain"}},"tmc_provisioner":{"version":0,"block":{"attributes":{"id":{"type":"string","description":"Unique ID of the Tanzu Provisioner","description_kind":"plain","computed":true},"labels":{"type":["map","string"],"description_kind":"plain","optional":true},"management_cluster_name":{"type":"string","description":"Name of the Management Cluster which contains the Tanzu Provisioner","description_kind":"plain","required":true},"name":{"type":"string","description":"Unique Name of the Tanzu Provisioner in your Org","description_kind":"plain","required":true}},"description_kind":"plain"}},"tmc_workspace":{"version":0,"block":{"attributes":{"description":{"type":"string","description":"Description of the Tanzu Workspace","description_kind":"plain","optional":true},"id":{"type":"string","description":"Unique ID of the Tanzu Workspace","description_kind":"plain","computed":true},"labels":{"type":["map","string"],"description_kind":"plain","optional":true},"last_updated":{"type":"string","description_kind":"plain","optional":true,"computed":true},"name":{"type":"string","description":"Name of the Tanzu Workspace","description_kind":"plain","required":true}},"description_kind":"plain"}}},"data_source_schemas":{"tmc_aws_cluster":{"version":0,"block":{"attributes":{"cluster_group":{"type":"string","description":"Name of the cluster group","description_kind":"plain","computed":true},"control_plane_spec":{"type":["list",["object",{"availability_zones":["list","string"],"instance_type":"string","private_subnets":["list","string"],"public_subnets":["list","string"],"vpc_cidrblock":"string","vpc_id":"string"}]],"description":"Contains information related to the Control Plane of the cluster","description_kind":"plain","computed":true},"credential_name":{"type":"string","description":"Kubernetes version of the AWS Cluster","description_kind":"plain","computed":true},"description":{"type":"string","description":"Description of the Cluster","description_kind":"plain","computed":true},"id":{"type":"string","description":"Unique ID of the Cluster","description_kind":"plain","computed":true},"labels":{"type":["map","string"],"description_kind":"plain","optional":true,"computed":true},"management_cluster":{"type":"string","description":"Name of the management cluster used","description_kind":"plain","required":true},"name":{"type":"string","description":"Name of the Cluster","description_kind":"plain","required":true},"pod_cidrblock":{"type":"string","description":"CIDR block used by the Cluster's Pods","description_kind":"plain","computed":true},"provisioner_name":{"type":"string","description":"Name of the provisioner","description_kind":"plain","required":true},"region":{"type":"string","description":"Region of the AWS Cluster","description_kind":"plain","computed":true},"service_cidrblock":{"type":"string","description":"CIDR block used by the Cluster's Services","description_kind":"plain","computed":true},"ssh_key":{"type":"string","description":"Name of the SSH Keypair used in the AWS Cluster","description_kind":"plain","computed":true},"version":{"type":"string","description":"Provisioner credential used to create the cluster","description_kind":"plain","computed":true}},"description_kind":"plain"}},"tmc_aws_data_protection_credential":{"version":0,"block":{"attributes":{"capability":{"type":"string","description":"Capability of the Tanzu Aws Data Protection Credential","description_kind":"plain","computed":true},"credential_provider":{"type":"string","description":"Credential Provider of the Tanzu Aws Data Protection Credential","description_kind":"plain","computed":true},"iam_role_arn":{"type":"string","description":"IAM Role Arn of the Tanzu Aws Data Protection Credential","description_kind":"plain","computed":true},"id":{"type":"string","description":"Unique ID of the Tanzu Aws Data Protection Credential","description_kind":"plain","computed":true},"name":{"type":"string","description":"Name of the Tanzu Aws Data Protection Credential","description_kind":"plain","required":true},"status":{"type":"string","description_kind":"plain","computed":true}},"description_kind":"plain"}},"tmc_aws_nodepool":{"version":0,"block":{"attributes":{"availability_zone":{"type":"string","description":"Availability zone of the worker node","description_kind":"plain","computed":true},"cloud_labels":{"type":["map","string"],"description_kind":"plain","optional":true,"computed":true},"cluster_name":{"type":"string","description":"Name of the cluster in which the nodepool is present","description_kind":"plain","required":true},"description":{"type":"string","description":"Description of the Nodepool","description_kind":"plain","computed":true},"id":{"type":"string","description":"Unique ID of the Nodepool","description_kind":"plain","computed":true},"instance_type":{"type":"string","description":"Instance type used to deploy the worker node","description_kind":"plain","computed":true},"management_cluster":{"type":"string","description":"Name of the management cluster used","description_kind":"plain","required":true},"name":{"type":"string","description":"Name of the Nodepool in the cluster","description_kind":"plain","required":true},"node_labels":{"type":["map","string"],"description_kind":"plain","optional":true,"computed":true},"provisioner_name":{"type":"string","description":"Name of the provisioner","description_kind":"plain","required":true},"version":{"type":"string","description":"Kubernetes version to be used","description_kind":"plain","computed":true},"worker_node_count":{"type":"number","description":"Number of worker nodes in the nodepool","description_kind":"plain","computed":true}},"description_kind":"plain"}},"tmc_aws_storage_credential":{"version":0,"block":{"attributes":{"capability":{"type":"string","description":"Capability of the Tanzu Aws Storage Credential","description_kind":"plain","computed":true},"credential_provider":{"type":"string","description":"Credential Provider of the Tanzu Aws Storage Credential","description_kind":"plain","computed":true},"id":{"type":"string","description":"Unique ID of the Tanzu Aws Storage Credential","description_kind":"plain","computed":true},"name":{"type":"string","description":"Name of the Tanzu Aws Storage Credential","description_kind":"plain","required":true},"status":{"type":"string","description_kind":"plain","computed":true}},"description_kind":"plain"}},"tmc_cluster_backup":{"version":0,"block":{"attributes":{"cluster_name":{"type":"string","description":"Name of the Tanzu Cluster","description_kind":"plain","required":true},"excluded_namespaces":{"type":["list","string"],"description":"The namespaces to be excluded in the backup.","description_kind":"plain","optional":true,"computed":true},"excluded_resources":{"type":["list","string"],"description":"The name list for the resources to be excluded in backup.","description_kind":"plain","optional":true,"computed":true},"id":{"type":"string","description":"Unique ID of the Tanzu Cluster Backup","description_kind":"plain","computed":true},"include_cluster_scoped_resources":{"type":"bool","description":"A flag which specifies whether cluster-scoped resources should be included for consideration in the backup","description_kind":"plain","optional":true,"computed":true},"included_namespaces":{"type":["list","string"],"description":"The namespaces to be included for backup from. If empty, all namespaces are included.","description_kind":"plain","optional":true,"computed":true},"included_resources":{"type":["list","string"],"description":"The name list for the resources to be included into backup. If empty, all resources are included.","description_kind":"plain","optional":true,"computed":true},"labels":{"type":["map","string"],"description_kind":"plain","optional":true,"computed":true},"management_cluster_name":{"type":"string","description":"Name of the Tanzu Management Cluster","description_kind":"plain","required":true},"name":{"type":"string","description":"Tanzu Cluster Backup Name","description_kind":"plain","required":true},"provisioner_name":{"type":"string","description":"Name of the Tanzu Management Cluster Provisioner","description_kind":"plain","required":true},"retention_period":{"type":"string","description":"The backup retention period.","description_kind":"plain","computed":true},"snapshot_volumes":{"type":"bool","description":"A flag which specifies whether to take cloud snapshots of any PV's referenced in the set of objects included in the Backup.","description_kind":"plain","optional":true,"computed":true},"status":{"type":"string","description_kind":"plain","computed":true},"storage_location":{"type":"string","description":"The name of a BackupStorageLocation where the backup should be stored.","description_kind":"plain","computed":true},"volume_snapshot_locations":{"type":["list","string"],"description":"A list containing names of VolumeSnapshotLocations associated with this backup.","description_kind":"plain","optional":true,"computed":true}},"block_types":{"label_selector":{"nesting_mode":"list","block":{"attributes":{"match_labels":{"type":["map","string"],"description_kind":"plain","optional":true,"computed":true}},"block_types":{"match_expressions":{"nesting_mode":"list","block":{"attributes":{"key":{"type":"string","description_kind":"plain","computed":true},"operator":{"type":"string","description_kind":"plain","computed":true},"values":{"type":["list","string"],"description_kind":"plain","computed":true}},"description_kind":"plain"}}},"description":"Label query over a set of resources to be included in backup.","description_kind":"plain"}}},"description_kind":"plain"}},"tmc_cluster_group":{"version":0,"block":{"attributes":{"description":{"type":"string","description":"Description of the Cluster Group","description_kind":"plain","computed":true},"id":{"type":"string","description":"Unique ID of the Cluster Group","description_kind":"plain","computed":true},"labels":{"type":["map","string"],"description_kind":"plain","optional":true,"computed":true},"name":{"type":"string","description":"Name of the Cluster Group","description_kind":"plain","required":true}},"description_kind":"plain"}},"tmc_cluster_groups":{"version":0,"block":{"attributes":{"id":{"type":"string","description_kind":"plain","optional":true,"computed":true},"ids":{"type":["list","string"],"description":"UID of the All Tanzu ClusterGroups","description_kind":"plain","computed":true},"labels":{"type":["map","string"],"description_kind":"plain","optional":true},"names":{"type":["list","string"],"description":"Names of the All Tanzu ClusterGroups","description_kind":"plain","computed":true}},"description_kind":"plain"}},"tmc_observability_credential":{"version":0,"block":{"attributes":{"capability":{"type":"string","description":"Capability of the Tanzu Observability Credential","description_kind":"plain","computed":true},"id":{"type":"string","description":"Unique ID of the Tanzu Observability Credential","description_kind":"plain","computed":true},"name":{"type":"string","description":"Name of the Tanzu Observability Credential","description_kind":"plain","required":true},"observability_url":{"type":"string","description":"URL of the Tanzu Observability Instance","description_kind":"plain","computed":true},"status":{"type":"string","description_kind":"plain","computed":true}},"description_kind":"plain"}},"tmc_provisioner":{"version":0,"block":{"attributes":{"id":{"type":"string","description":"Unique ID of the Tanzu Provisioner","description_kind":"plain","computed":true},"labels":{"type":["map","string"],"description_kind":"plain","optional":true,"computed":true},"management_cluster_name":{"type":"string","description":"Name of the Management Cluster which contains the Tanzu Provisioner","description_kind":"plain","required":true},"name":{"type":"string","description":"Name of the Tanzu Provisioner","description_kind":"plain","required":true}},"description_kind":"plain"}},"tmc_provisioners":{"version":0,"block":{"attributes":{"id":{"type":"string","description_kind":"plain","optional":true,"computed":true},"ids":{"type":["list","string"],"description":"UID of the All Tanzu Provisioners under a Management Cluster","description_kind":"plain","computed":true},"labels":{"type":["map","string"],"description_kind":"plain","optional":true},"management_cluster_name":{"type":"string","description":"Management Cluster Name of the Tanzu Provisioners","description_kind":"plain","required":true},"names":{"type":["list","string"],"description":"Names of the All Tanzu Provisioners under a Management Cluster","description_kind":"plain","computed":true}},"description_kind":"plain"}},"tmc_workspace":{"version":0,"block":{"attributes":{"description":{"type":"string","description":"Description of the Tanzu Workspace","description_kind":"plain","computed":true},"id":{"type":"string","description":"Unique ID of the Tanzu Workspace","description_kind":"plain","computed":true},"labels":{"type":["map","string"],"description_kind":"plain","optional":true,"computed":true},"name":{"type":"string","description":"Name of the Tanzu Workspace","description_kind":"plain","required":true}},"description_kind":"plain"}},"tmc_workspaces":{"version":0,"block":{"attributes":{"id":{"type":"string","description_kind":"plain","optional":true,"computed":true},"ids":{"type":["list","string"],"description":"UID of the All Tanzu Workspaces","description_kind":"plain","computed":true},"labels":{"type":["map","string"],"description_kind":"plain","optional":true},"names":{"type":["list","string"],"description":"Names of the All Tanzu Workspaces","description_kind":"plain","computed":true}},"description_kind":"plain"}}}}}}
