{"format_version":"0.2","provider_schemas":{"registry.terraform.io/codecutout/powerbi":{"provider":{"version":0,"block":{"attributes":{"client_id":{"type":"string","description":"Also called Application ID. The Client ID for the Azure Active Directory App Registration to use for performing Power BI REST API operations. This can also be sourced from the `POWERBI_CLIENT_ID` Environment Variable","description_kind":"plain","optional":true},"client_secret":{"type":"string","description":"Also called Application Secret. The Client Secret for the Azure Active Directory App Registration to use for performing Power BI REST API operations. This can also be sourced from the `POWERBI_CLIENT_SECRET` Environment Variable","description_kind":"plain","optional":true,"sensitive":true},"password":{"type":"string","description":"The password for the a Power BI user to use for performing Power BI REST API operations. If provided will use resource owner password credentials flow with delegate permissions. This can also be sourced from the `POWERBI_PASSWORD` Environment Variable","description_kind":"plain","optional":true,"sensitive":true},"tenant_id":{"type":"string","description":"The Tenant ID for the tenant which contains the Azure Active Directory App Registration to use for performing Power BI REST API operations. This can also be sourced from the `POWERBI_TENANT_ID` Environment Variable","description_kind":"plain","optional":true},"username":{"type":"string","description":"The username for the a Power BI user to use for performing Power BI REST API operations. If provided will use resource owner password credentials flow with delegate permissions. This can also be sourced from the `POWERBI_USERNAME` Environment Variable","description_kind":"plain","optional":true}},"description_kind":"plain"}},"resource_schemas":{"powerbi_dataset":{"version":0,"block":{"attributes":{"default_mode":{"type":"string","description":"The dataset mode or type. Any value from `push`, `pushStreaming` or `streaming`. `asAzure` and `asOnPrem` are not supported","description_kind":"plain","required":true},"default_retention_policy":{"type":"string","description":"The dataset mode or type. Any value from `none` or `basicFIFO`","description_kind":"plain","optional":true},"id":{"type":"string","description_kind":"plain","optional":true,"computed":true},"name":{"type":"string","description":"Name of the Dataset.","description_kind":"plain","required":true},"workspace_id":{"type":"string","description":"Workspace ID in which the dataset will be added.","description_kind":"plain","required":true}},"block_types":{"relationship":{"nesting_mode":"set","block":{"attributes":{"cross_filtering_behavior":{"type":"string","description":"The filter direction of the relationship. Any value from `automatic`, `bothDirections` or `oneDirection`","description_kind":"plain","optional":true},"from_column":{"type":"string","description":"The name of the foreign key column","description_kind":"plain","required":true},"from_table":{"type":"string","description":"The name of the foreign key table","description_kind":"plain","required":true},"name":{"type":"string","description":"The relationship name and identifier","description_kind":"plain","required":true},"to_column":{"type":"string","description":"The name of the primary key column","description_kind":"plain","required":true},"to_table":{"type":"string","description":"The name of the primary key table","description_kind":"plain","required":true}},"description":"The dataset relationships","description_kind":"plain"}},"table":{"nesting_mode":"set","block":{"attributes":{"name":{"type":"string","description":"The table name","description_kind":"plain","required":true}},"block_types":{"column":{"nesting_mode":"set","block":{"attributes":{"data_type":{"type":"string","description":"The column data type. Any value from `int64`, `double`, `bool`, `datetime`, `string` or `decimal`.","description_kind":"plain","required":true},"format_string":{"type":"string","description":"The format of the column as specified in [FORMAT_STRING](https://docs.microsoft.com/en-us/analysis-services/multidimensional-models/mdx/mdx-cell-properties-format-string-contents)","description_kind":"plain","optional":true},"name":{"type":"string","description":"The column name","description_kind":"plain","required":true}},"description":"The column schema for this table","description_kind":"plain"}},"measure":{"nesting_mode":"set","block":{"attributes":{"expression":{"type":"string","description":"The DAX expression for the measure","description_kind":"plain","required":true},"name":{"type":"string","description":"The measure name","description_kind":"plain","required":true}},"description":"The measures within this table","description_kind":"plain"}}},"description":"The dataset tables. Creating new tables or removing existing tables will force a new dataset to be created","description_kind":"plain"},"min_items":1}},"description_kind":"plain"}},"powerbi_pbix":{"version":0,"block":{"attributes":{"dataset_id":{"type":"string","description":"The ID for the dataset that was deployed as part of the PBIX.","description_kind":"plain","computed":true},"id":{"type":"string","description_kind":"plain","optional":true,"computed":true},"name":{"type":"string","description":"Name of the PBIX. This will be used as the name for the report and dataset.","description_kind":"plain","required":true},"rebind_dataset_id":{"type":"string","description":"If set, will rebind the report to the the specified dataset ID.","description_kind":"plain","optional":true},"report_id":{"type":"string","description":"The ID for the report that was deployed as part of the PBIX.","description_kind":"plain","computed":true},"skip_report":{"type":"bool","description":"If true, only the PBIX dataset is deployed.","description_kind":"plain","optional":true},"source":{"type":"string","description":"An absolute path to a PBIX file on the local system.","description_kind":"plain","required":true},"source_hash":{"type":"string","description":"Used to trigger updates. The only meaningful value is `${filemd5(\"path/to/file\")}`.","description_kind":"plain","optional":true},"workspace_id":{"type":"string","description":"Workspace ID in which the PBIX will be added.","description_kind":"plain","required":true}},"block_types":{"datasource":{"nesting_mode":"set","block":{"attributes":{"database":{"type":"string","description":"The database name, if applicable for the type of datasource","description_kind":"plain","optional":true},"original_database":{"type":"string","description":"The database name as configured in the PBIX, if applicable for the type of datasource This will be the value replaced with the value in the 'databsase' field","description_kind":"plain","optional":true},"original_server":{"type":"string","description":"The server name as configured in the PBIX, if applicable for the type of datasource. This will be the value replaced with the value in the 'server' field","description_kind":"plain","optional":true},"original_url":{"type":"string","description":"The service URL as configured in the PBIX, if applicable for the type of datasource. This will be the value replaced with the value in the 'url' field","description_kind":"plain","optional":true},"server":{"type":"string","description":"The server name, if applicable for the type of datasource","description_kind":"plain","optional":true},"type":{"type":"string","description":"The type of datasource. For example web, sql","description_kind":"plain","optional":true},"url":{"type":"string","description":"The service URL, if applicable for the type of datasource","description_kind":"plain","optional":true}},"description":"Datasources to be reconfigured after deploying the PBIX dataset. Changing this value will require reuploading the PBIX. Any datasource updated will not be tracked","description_kind":"plain"}},"parameter":{"nesting_mode":"set","block":{"attributes":{"name":{"type":"string","description":"The parameter name","description_kind":"plain","required":true},"value":{"type":"string","description":"The parameter value","description_kind":"plain","required":true}},"description":"Parameters to be configured on the PBIX dataset. These can be updated without requiring reuploading the PBIX. Any parameters not mentioned will not be tracked or updated","description_kind":"plain"}},"timeouts":{"nesting_mode":"single","block":{"attributes":{"default":{"type":"string","description_kind":"plain","optional":true}},"description_kind":"plain"}}},"description_kind":"plain"}},"powerbi_refresh_schedule":{"version":0,"block":{"attributes":{"dataset_id":{"type":"string","description":"The ID for the dataset that was deployed as part of the PBIX.","description_kind":"plain","required":true},"days":{"type":["list","string"],"description":"The list of days of the week when the schedule should refresh.","description_kind":"plain","required":true},"enabled":{"type":"bool","description":"Determines if the scheduled refresh is enabled.","description_kind":"plain","optional":true},"id":{"type":"string","description_kind":"plain","optional":true,"computed":true},"local_time_zone_id":{"type":"string","description":"The name of the timezone to use. See Name of Time Zone column in [Microsoft Time Zone Index Values](https://support.microsoft.com/en-gb/help/973627/microsoft-time-zone-index-values).","description_kind":"plain","optional":true},"notify_option":{"type":"string","description":"The notification option when a scheduled refresh fails. Should be either `MailOnFailure` or `NoNotification`","description_kind":"plain","optional":true},"times":{"type":["list","string"],"description":"The list of times on the day the schedule should refresh. Times should be in the format HH:00 or HH:30 i.e. Hour should be two digits and minutes must either be on the full or half hour.","description_kind":"plain","required":true},"workspace_id":{"type":"string","description":"Workspace ID in which the dataset was deployed.","description_kind":"plain","required":true}},"description_kind":"plain"}},"powerbi_workspace":{"version":0,"block":{"attributes":{"capacity_id":{"type":"string","description":"Capacity ID to be assigned to workspace.","description_kind":"plain","optional":true},"id":{"type":"string","description_kind":"plain","optional":true,"computed":true},"name":{"type":"string","description":"Name of the workspace.","description_kind":"plain","required":true}},"description_kind":"plain"}},"powerbi_workspace_access":{"version":0,"block":{"attributes":{"display_name":{"type":"string","description":"Display name of the principal.","description_kind":"plain","optional":true,"computed":true},"email_address":{"type":"string","description":"Email address of the user.","description_kind":"plain","optional":true},"group_user_access_right":{"type":"string","description":"User access level to workspace. Any value from `Admin`, `Contributor`, `Member`, `Viewer` or `None`.","description_kind":"plain","required":true},"id":{"type":"string","description_kind":"plain","optional":true,"computed":true},"identifier":{"type":"string","description":"Identifier of the principal.","description_kind":"plain","optional":true,"computed":true},"principal_type":{"type":"string","description":"The principal type. Any value from `App`, `Group` or `User`.","description_kind":"plain","required":true},"workspace_id":{"type":"string","description":"Workspace ID to which user access would be given.","description_kind":"plain","required":true}},"block_types":{"timeouts":{"nesting_mode":"single","block":{"attributes":{"default":{"type":"string","description_kind":"plain","optional":true}},"description_kind":"plain"}}},"description_kind":"plain"}}},"data_source_schemas":{"powerbi_workspace":{"version":0,"block":{"attributes":{"capacity_id":{"type":"string","description":"Capacity ID to be assigned to workspace.","description_kind":"plain","optional":true,"computed":true},"id":{"type":"string","description_kind":"plain","optional":true,"computed":true},"name":{"type":"string","description":"Name of the workspace.","description_kind":"plain","required":true}},"description_kind":"plain"}}}}}}
