{"format_version":"0.2","provider_schemas":{"registry.terraform.io/cognotektgmbh/jumpcloud":{"provider":{"version":0,"block":{"attributes":{"api_key":{"type":"string","description":"The x-api-key header used to connect to JumpCloud.","description_kind":"plain","required":true},"org_id":{"type":"string","description":"The x-org-id header used to connect to JumpCloud.","description_kind":"plain","optional":true}},"description_kind":"plain"}},"resource_schemas":{"jumpcloud_user":{"version":0,"block":{"attributes":{"email":{"type":"string","description_kind":"plain","required":true},"enable_mfa":{"type":"bool","description_kind":"plain","optional":true},"firstname":{"type":"string","description_kind":"plain","optional":true},"id":{"type":"string","description_kind":"plain","optional":true,"computed":true},"lastname":{"type":"string","description_kind":"plain","optional":true},"password":{"type":"string","description_kind":"plain","optional":true},"username":{"type":"string","description_kind":"plain","required":true}},"description_kind":"plain"}},"jumpcloud_user_group":{"version":0,"block":{"attributes":{"attributes":{"type":["map","string"],"description_kind":"plain","optional":true,"computed":true},"id":{"type":"string","description_kind":"plain","optional":true,"computed":true},"name":{"type":"string","description_kind":"plain","required":true}},"description_kind":"plain"}},"jumpcloud_user_group_membership":{"version":0,"block":{"attributes":{"groupid":{"type":"string","description_kind":"plain","required":true},"id":{"type":"string","description_kind":"plain","optional":true,"computed":true},"userid":{"type":"string","description_kind":"plain","required":true}},"description_kind":"plain"}}}}}}
