{"format_version":"0.2","provider_schemas":{"registry.terraform.io/conradludgate/spotify":{"provider":{"version":0,"block":{"attributes":{"api_key":{"type":"string","description":"Oauth2 Proxy API Key","description_kind":"plain","required":true},"auth_server":{"type":"string","description":"Oauth2 Proxy URL","description_kind":"plain","optional":true},"token_id":{"type":"string","description":"Oauth2 Proxy token ID","description_kind":"plain","optional":true},"username":{"type":"string","description":"Oauth2 Proxy username","description_kind":"plain","optional":true}},"description_kind":"plain"}},"resource_schemas":{"spotify_library":{"version":0,"block":{"attributes":{"id":{"type":"string","description_kind":"plain","optional":true,"computed":true},"tracks":{"type":["set","string"],"description":"The list of track IDs to save to your 'liked tracks'. *Note, if used incorrectly you may unlike all of your tracks - use with caution*","description_kind":"plain","required":true}},"description_kind":"plain"}},"spotify_library_albums":{"version":0,"block":{"attributes":{"albums":{"type":["set","string"],"description":"The list of track IDs to save to your 'liked albums'. *Note, if used incorrectly you may unlike all of your albums - use with caution*","description_kind":"plain","required":true},"id":{"type":"string","description_kind":"plain","optional":true,"computed":true}},"description_kind":"plain"}},"spotify_playlist":{"version":0,"block":{"attributes":{"description":{"type":"string","description":"The description of the resulting playlist","description_kind":"plain","optional":true},"id":{"type":"string","description_kind":"plain","optional":true,"computed":true},"name":{"type":"string","description":"The name of the resulting playlist","description_kind":"plain","required":true},"public":{"type":"bool","description":"Whether the playlist can be accessed publically","description_kind":"plain","optional":true},"snapshot_id":{"type":"string","description_kind":"plain","computed":true},"tracks":{"type":["list","string"],"description":"A set of tracks for the playlist to contain","description_kind":"plain","required":true}},"description":"Resource to manage a spotify playlist.","description_kind":"plain"}}},"data_source_schemas":{"spotify_album":{"version":0,"block":{"attributes":{"artists":{"type":["list","string"],"description":"The spotify IDs of the artists","description_kind":"plain","computed":true},"id":{"type":"string","description_kind":"plain","optional":true,"computed":true},"name":{"type":"string","description":"The Name of the album","description_kind":"plain","computed":true},"spotify_id":{"type":"string","description":"Spotify ID of the album","description_kind":"plain","optional":true},"url":{"type":"string","description":"Spotify URL of the album","description_kind":"plain","optional":true}},"description_kind":"plain"}},"spotify_search_track":{"version":0,"block":{"attributes":{"album":{"type":"string","description":"Name of the album","description_kind":"plain","optional":true},"artist":{"type":"string","description":"Name of the artist","description_kind":"plain","optional":true},"explicit":{"type":"bool","description":"Filter to allow explicit tracks","description_kind":"plain","optional":true},"id":{"type":"string","description_kind":"plain","optional":true,"computed":true},"limit":{"type":"number","description_kind":"plain","optional":true},"name":{"type":"string","description":"Name of the track","description_kind":"plain","optional":true},"tracks":{"type":["list",["object",{"album":"string","artists":["list","string"],"id":"string","name":"string"}]],"description":"List of tracks found","description_kind":"plain","computed":true},"year":{"type":"string","description":"Year of release","description_kind":"plain","optional":true}},"description_kind":"plain"}},"spotify_track":{"version":0,"block":{"attributes":{"album":{"type":"string","description":"The spotify ID of the album","description_kind":"plain","computed":true},"artists":{"type":["list","string"],"description":"The spotify IDs of the artists","description_kind":"plain","computed":true},"id":{"type":"string","description_kind":"plain","optional":true,"computed":true},"name":{"type":"string","description":"The Name of the track","description_kind":"plain","computed":true},"spotify_id":{"type":"string","description":"Spotify ID of the track","description_kind":"plain","optional":true},"url":{"type":"string","description":"Spotify URL of the track","description_kind":"plain","optional":true}},"description_kind":"plain"}}}}}}
