{"format_version":"0.2","provider_schemas":{"registry.terraform.io/conradludgate/caddy":{"provider":{"version":0,"block":{"attributes":{"host":{"type":"string","description_kind":"plain","optional":true}},"block_types":{"ssh":{"nesting_mode":"set","block":{"attributes":{"host":{"type":"string","description_kind":"plain","required":true},"host_key":{"type":"string","description_kind":"plain","required":true},"key_file":{"type":"string","description_kind":"plain","required":true}},"description_kind":"plain"},"max_items":1}},"description_kind":"plain"}},"resource_schemas":{"caddy_http":{"version":0,"block":{"attributes":{"grace_period":{"type":"string","description_kind":"plain","optional":true},"http_port":{"type":"number","description_kind":"plain","optional":true},"https_port":{"type":"number","description_kind":"plain","optional":true},"id":{"type":"string","description_kind":"plain","optional":true,"computed":true}},"description_kind":"plain"}},"caddy_server":{"version":0,"block":{"attributes":{"errors":{"type":["list","string"],"description_kind":"plain","optional":true},"id":{"type":"string","description_kind":"plain","optional":true,"computed":true},"listen":{"type":["list","string"],"description_kind":"plain","required":true},"name":{"type":"string","description_kind":"plain","required":true},"routes":{"type":["list","string"],"description_kind":"plain","optional":true}},"block_types":{"error":{"nesting_mode":"list","block":{"attributes":{"group":{"type":"string","description_kind":"plain","optional":true},"terminal":{"type":"bool","description_kind":"plain","optional":true}},"block_types":{"handle":{"nesting_mode":"list","block":{"block_types":{"file_server":{"nesting_mode":"set","block":{"attributes":{"canonical_uris":{"type":"bool","description_kind":"plain","optional":true},"hide":{"type":["list","string"],"description_kind":"plain","optional":true},"index_names":{"type":["list","string"],"description_kind":"plain","optional":true},"pass_thru":{"type":"bool","description_kind":"plain","optional":true},"root":{"type":"string","description_kind":"plain","optional":true}},"description_kind":"plain"},"max_items":1},"request_body":{"nesting_mode":"set","block":{"attributes":{"max_size":{"type":"number","description_kind":"plain","required":true}},"description_kind":"plain"},"max_items":1},"reverse_proxy":{"nesting_mode":"set","block":{"block_types":{"upstream":{"nesting_mode":"list","block":{"attributes":{"dial":{"type":"string","description_kind":"plain","optional":true}},"description_kind":"plain"},"min_items":1}},"description_kind":"plain"},"max_items":1},"static_response":{"nesting_mode":"set","block":{"attributes":{"body":{"type":"string","description_kind":"plain","optional":true},"close":{"type":"bool","description_kind":"plain","optional":true},"status_code":{"type":"string","description_kind":"plain","optional":true}},"block_types":{"header":{"nesting_mode":"set","block":{"attributes":{"name":{"type":"string","description_kind":"plain","required":true},"values":{"type":["list","string"],"description_kind":"plain","required":true}},"description_kind":"plain"}}},"description_kind":"plain"},"max_items":1},"subroute":{"nesting_mode":"set","block":{"block_types":{"error":{"nesting_mode":"list","block":{"attributes":{"group":{"type":"string","description_kind":"plain","optional":true},"terminal":{"type":"bool","description_kind":"plain","optional":true}},"block_types":{"handle":{"nesting_mode":"list","block":{"block_types":{"file_server":{"nesting_mode":"set","block":{"attributes":{"canonical_uris":{"type":"bool","description_kind":"plain","optional":true},"hide":{"type":["list","string"],"description_kind":"plain","optional":true},"index_names":{"type":["list","string"],"description_kind":"plain","optional":true},"pass_thru":{"type":"bool","description_kind":"plain","optional":true},"root":{"type":"string","description_kind":"plain","optional":true}},"description_kind":"plain"},"max_items":1},"request_body":{"nesting_mode":"set","block":{"attributes":{"max_size":{"type":"number","description_kind":"plain","required":true}},"description_kind":"plain"},"max_items":1},"reverse_proxy":{"nesting_mode":"set","block":{"block_types":{"upstream":{"nesting_mode":"list","block":{"attributes":{"dial":{"type":"string","description_kind":"plain","optional":true}},"description_kind":"plain"},"min_items":1}},"description_kind":"plain"},"max_items":1},"static_response":{"nesting_mode":"set","block":{"attributes":{"body":{"type":"string","description_kind":"plain","optional":true},"close":{"type":"bool","description_kind":"plain","optional":true},"status_code":{"type":"string","description_kind":"plain","optional":true}},"block_types":{"header":{"nesting_mode":"set","block":{"attributes":{"name":{"type":"string","description_kind":"plain","required":true},"values":{"type":["list","string"],"description_kind":"plain","required":true}},"description_kind":"plain"}}},"description_kind":"plain"},"max_items":1},"subroute":{"nesting_mode":"set","block":{"block_types":{"error":{"nesting_mode":"list","block":{"attributes":{"group":{"type":"string","description_kind":"plain","optional":true},"terminal":{"type":"bool","description_kind":"plain","optional":true}},"block_types":{"handle":{"nesting_mode":"list","block":{"block_types":{"file_server":{"nesting_mode":"set","block":{"attributes":{"canonical_uris":{"type":"bool","description_kind":"plain","optional":true},"hide":{"type":["list","string"],"description_kind":"plain","optional":true},"index_names":{"type":["list","string"],"description_kind":"plain","optional":true},"pass_thru":{"type":"bool","description_kind":"plain","optional":true},"root":{"type":"string","description_kind":"plain","optional":true}},"description_kind":"plain"},"max_items":1},"request_body":{"nesting_mode":"set","block":{"attributes":{"max_size":{"type":"number","description_kind":"plain","required":true}},"description_kind":"plain"},"max_items":1},"reverse_proxy":{"nesting_mode":"set","block":{"block_types":{"upstream":{"nesting_mode":"list","block":{"attributes":{"dial":{"type":"string","description_kind":"plain","optional":true}},"description_kind":"plain"},"min_items":1}},"description_kind":"plain"},"max_items":1},"static_response":{"nesting_mode":"set","block":{"attributes":{"body":{"type":"string","description_kind":"plain","optional":true},"close":{"type":"bool","description_kind":"plain","optional":true},"status_code":{"type":"string","description_kind":"plain","optional":true}},"block_types":{"header":{"nesting_mode":"set","block":{"attributes":{"name":{"type":"string","description_kind":"plain","required":true},"values":{"type":["list","string"],"description_kind":"plain","required":true}},"description_kind":"plain"}}},"description_kind":"plain"},"max_items":1},"subroute":{"nesting_mode":"set","block":{"block_types":{"error":{"nesting_mode":"list","block":{"attributes":{"group":{"type":"string","description_kind":"plain","optional":true},"terminal":{"type":"bool","description_kind":"plain","optional":true}},"block_types":{"handle":{"nesting_mode":"list","block":{"block_types":{"file_server":{"nesting_mode":"set","block":{"attributes":{"canonical_uris":{"type":"bool","description_kind":"plain","optional":true},"hide":{"type":["list","string"],"description_kind":"plain","optional":true},"index_names":{"type":["list","string"],"description_kind":"plain","optional":true},"pass_thru":{"type":"bool","description_kind":"plain","optional":true},"root":{"type":"string","description_kind":"plain","optional":true}},"description_kind":"plain"},"max_items":1},"request_body":{"nesting_mode":"set","block":{"attributes":{"max_size":{"type":"number","description_kind":"plain","required":true}},"description_kind":"plain"},"max_items":1},"reverse_proxy":{"nesting_mode":"set","block":{"block_types":{"upstream":{"nesting_mode":"list","block":{"attributes":{"dial":{"type":"string","description_kind":"plain","optional":true}},"description_kind":"plain"},"min_items":1}},"description_kind":"plain"},"max_items":1},"static_response":{"nesting_mode":"set","block":{"attributes":{"body":{"type":"string","description_kind":"plain","optional":true},"close":{"type":"bool","description_kind":"plain","optional":true},"status_code":{"type":"string","description_kind":"plain","optional":true}},"block_types":{"header":{"nesting_mode":"set","block":{"attributes":{"name":{"type":"string","description_kind":"plain","required":true},"values":{"type":["list","string"],"description_kind":"plain","required":true}},"description_kind":"plain"}}},"description_kind":"plain"},"max_items":1},"subroute":{"nesting_mode":"set","block":{"block_types":{"error":{"nesting_mode":"list","block":{"attributes":{"group":{"type":"string","description_kind":"plain","optional":true},"terminal":{"type":"bool","description_kind":"plain","optional":true}},"block_types":{"handle":{"nesting_mode":"list","block":{"block_types":{"file_server":{"nesting_mode":"set","block":{"attributes":{"canonical_uris":{"type":"bool","description_kind":"plain","optional":true},"hide":{"type":["list","string"],"description_kind":"plain","optional":true},"index_names":{"type":["list","string"],"description_kind":"plain","optional":true},"pass_thru":{"type":"bool","description_kind":"plain","optional":true},"root":{"type":"string","description_kind":"plain","optional":true}},"description_kind":"plain"},"max_items":1},"request_body":{"nesting_mode":"set","block":{"attributes":{"max_size":{"type":"number","description_kind":"plain","required":true}},"description_kind":"plain"},"max_items":1},"reverse_proxy":{"nesting_mode":"set","block":{"block_types":{"upstream":{"nesting_mode":"list","block":{"attributes":{"dial":{"type":"string","description_kind":"plain","optional":true}},"description_kind":"plain"},"min_items":1}},"description_kind":"plain"},"max_items":1},"static_response":{"nesting_mode":"set","block":{"attributes":{"body":{"type":"string","description_kind":"plain","optional":true},"close":{"type":"bool","description_kind":"plain","optional":true},"status_code":{"type":"string","description_kind":"plain","optional":true}},"block_types":{"header":{"nesting_mode":"set","block":{"attributes":{"name":{"type":"string","description_kind":"plain","required":true},"values":{"type":["list","string"],"description_kind":"plain","required":true}},"description_kind":"plain"}}},"description_kind":"plain"},"max_items":1},"subroute":{"nesting_mode":"set","block":{"block_types":{"error":{"nesting_mode":"list","block":{"attributes":{"group":{"type":"string","description_kind":"plain","optional":true},"terminal":{"type":"bool","description_kind":"plain","optional":true}},"block_types":{"handle":{"nesting_mode":"list","block":{"block_types":{"file_server":{"nesting_mode":"set","block":{"attributes":{"canonical_uris":{"type":"bool","description_kind":"plain","optional":true},"hide":{"type":["list","string"],"description_kind":"plain","optional":true},"index_names":{"type":["list","string"],"description_kind":"plain","optional":true},"pass_thru":{"type":"bool","description_kind":"plain","optional":true},"root":{"type":"string","description_kind":"plain","optional":true}},"description_kind":"plain"},"max_items":1},"request_body":{"nesting_mode":"set","block":{"attributes":{"max_size":{"type":"number","description_kind":"plain","required":true}},"description_kind":"plain"},"max_items":1},"reverse_proxy":{"nesting_mode":"set","block":{"block_types":{"upstream":{"nesting_mode":"list","block":{"attributes":{"dial":{"type":"string","description_kind":"plain","optional":true}},"description_kind":"plain"},"min_items":1}},"description_kind":"plain"},"max_items":1},"static_response":{"nesting_mode":"set","block":{"attributes":{"body":{"type":"string","description_kind":"plain","optional":true},"close":{"type":"bool","description_kind":"plain","optional":true},"status_code":{"type":"string","description_kind":"plain","optional":true}},"block_types":{"header":{"nesting_mode":"set","block":{"attributes":{"name":{"type":"string","description_kind":"plain","required":true},"values":{"type":["list","string"],"description_kind":"plain","required":true}},"description_kind":"plain"}}},"description_kind":"plain"},"max_items":1},"templates":{"nesting_mode":"set","block":{"attributes":{"delimiters":{"type":["list","string"],"description_kind":"plain","optional":true},"file_root":{"type":"string","description_kind":"plain","optional":true},"mime_types":{"type":["list","string"],"description_kind":"plain","optional":true}},"description_kind":"plain"},"max_items":1}},"description_kind":"plain"}},"match":{"nesting_mode":"list","block":{"attributes":{"host":{"type":["list","string"],"description_kind":"plain","optional":true},"method":{"type":["list","string"],"description_kind":"plain","optional":true},"path":{"type":["list","string"],"description_kind":"plain","optional":true}},"block_types":{"header":{"nesting_mode":"set","block":{"attributes":{"name":{"type":"string","description_kind":"plain","required":true},"values":{"type":["list","string"],"description_kind":"plain","required":true}},"description_kind":"plain"}},"not":{"nesting_mode":"list","block":{"attributes":{"host":{"type":["list","string"],"description_kind":"plain","optional":true},"method":{"type":["list","string"],"description_kind":"plain","optional":true},"path":{"type":["list","string"],"description_kind":"plain","optional":true}},"block_types":{"header":{"nesting_mode":"set","block":{"attributes":{"name":{"type":"string","description_kind":"plain","required":true},"values":{"type":["list","string"],"description_kind":"plain","required":true}},"description_kind":"plain"}},"query":{"nesting_mode":"set","block":{"attributes":{"name":{"type":"string","description_kind":"plain","required":true},"values":{"type":["list","string"],"description_kind":"plain","required":true}},"description_kind":"plain"}}},"description_kind":"plain"}},"query":{"nesting_mode":"set","block":{"attributes":{"name":{"type":"string","description_kind":"plain","required":true},"values":{"type":["list","string"],"description_kind":"plain","required":true}},"description_kind":"plain"}}},"description_kind":"plain"}}},"description_kind":"plain"}},"route":{"nesting_mode":"list","block":{"attributes":{"group":{"type":"string","description_kind":"plain","optional":true},"terminal":{"type":"bool","description_kind":"plain","optional":true}},"block_types":{"handle":{"nesting_mode":"list","block":{"block_types":{"file_server":{"nesting_mode":"set","block":{"attributes":{"canonical_uris":{"type":"bool","description_kind":"plain","optional":true},"hide":{"type":["list","string"],"description_kind":"plain","optional":true},"index_names":{"type":["list","string"],"description_kind":"plain","optional":true},"pass_thru":{"type":"bool","description_kind":"plain","optional":true},"root":{"type":"string","description_kind":"plain","optional":true}},"description_kind":"plain"},"max_items":1},"request_body":{"nesting_mode":"set","block":{"attributes":{"max_size":{"type":"number","description_kind":"plain","required":true}},"description_kind":"plain"},"max_items":1},"reverse_proxy":{"nesting_mode":"set","block":{"block_types":{"upstream":{"nesting_mode":"list","block":{"attributes":{"dial":{"type":"string","description_kind":"plain","optional":true}},"description_kind":"plain"},"min_items":1}},"description_kind":"plain"},"max_items":1},"static_response":{"nesting_mode":"set","block":{"attributes":{"body":{"type":"string","description_kind":"plain","optional":true},"close":{"type":"bool","description_kind":"plain","optional":true},"status_code":{"type":"string","description_kind":"plain","optional":true}},"block_types":{"header":{"nesting_mode":"set","block":{"attributes":{"name":{"type":"string","description_kind":"plain","required":true},"values":{"type":["list","string"],"description_kind":"plain","required":true}},"description_kind":"plain"}}},"description_kind":"plain"},"max_items":1},"templates":{"nesting_mode":"set","block":{"attributes":{"delimiters":{"type":["list","string"],"description_kind":"plain","optional":true},"file_root":{"type":"string","description_kind":"plain","optional":true},"mime_types":{"type":["list","string"],"description_kind":"plain","optional":true}},"description_kind":"plain"},"max_items":1}},"description_kind":"plain"}},"match":{"nesting_mode":"list","block":{"attributes":{"host":{"type":["list","string"],"description_kind":"plain","optional":true},"method":{"type":["list","string"],"description_kind":"plain","optional":true},"path":{"type":["list","string"],"description_kind":"plain","optional":true}},"block_types":{"header":{"nesting_mode":"set","block":{"attributes":{"name":{"type":"string","description_kind":"plain","required":true},"values":{"type":["list","string"],"description_kind":"plain","required":true}},"description_kind":"plain"}},"not":{"nesting_mode":"list","block":{"attributes":{"host":{"type":["list","string"],"description_kind":"plain","optional":true},"method":{"type":["list","string"],"description_kind":"plain","optional":true},"path":{"type":["list","string"],"description_kind":"plain","optional":true}},"block_types":{"header":{"nesting_mode":"set","block":{"attributes":{"name":{"type":"string","description_kind":"plain","required":true},"values":{"type":["list","string"],"description_kind":"plain","required":true}},"description_kind":"plain"}},"query":{"nesting_mode":"set","block":{"attributes":{"name":{"type":"string","description_kind":"plain","required":true},"values":{"type":["list","string"],"description_kind":"plain","required":true}},"description_kind":"plain"}}},"description_kind":"plain"}},"query":{"nesting_mode":"set","block":{"attributes":{"name":{"type":"string","description_kind":"plain","required":true},"values":{"type":["list","string"],"description_kind":"plain","required":true}},"description_kind":"plain"}}},"description_kind":"plain"}}},"description_kind":"plain"}}},"description_kind":"plain"},"max_items":1},"templates":{"nesting_mode":"set","block":{"attributes":{"delimiters":{"type":["list","string"],"description_kind":"plain","optional":true},"file_root":{"type":"string","description_kind":"plain","optional":true},"mime_types":{"type":["list","string"],"description_kind":"plain","optional":true}},"description_kind":"plain"},"max_items":1}},"description_kind":"plain"}},"match":{"nesting_mode":"list","block":{"attributes":{"host":{"type":["list","string"],"description_kind":"plain","optional":true},"method":{"type":["list","string"],"description_kind":"plain","optional":true},"path":{"type":["list","string"],"description_kind":"plain","optional":true}},"block_types":{"header":{"nesting_mode":"set","block":{"attributes":{"name":{"type":"string","description_kind":"plain","required":true},"values":{"type":["list","string"],"description_kind":"plain","required":true}},"description_kind":"plain"}},"not":{"nesting_mode":"list","block":{"attributes":{"host":{"type":["list","string"],"description_kind":"plain","optional":true},"method":{"type":["list","string"],"description_kind":"plain","optional":true},"path":{"type":["list","string"],"description_kind":"plain","optional":true}},"block_types":{"header":{"nesting_mode":"set","block":{"attributes":{"name":{"type":"string","description_kind":"plain","required":true},"values":{"type":["list","string"],"description_kind":"plain","required":true}},"description_kind":"plain"}},"query":{"nesting_mode":"set","block":{"attributes":{"name":{"type":"string","description_kind":"plain","required":true},"values":{"type":["list","string"],"description_kind":"plain","required":true}},"description_kind":"plain"}}},"description_kind":"plain"}},"query":{"nesting_mode":"set","block":{"attributes":{"name":{"type":"string","description_kind":"plain","required":true},"values":{"type":["list","string"],"description_kind":"plain","required":true}},"description_kind":"plain"}}},"description_kind":"plain"}}},"description_kind":"plain"}},"route":{"nesting_mode":"list","block":{"attributes":{"group":{"type":"string","description_kind":"plain","optional":true},"terminal":{"type":"bool","description_kind":"plain","optional":true}},"block_types":{"handle":{"nesting_mode":"list","block":{"block_types":{"file_server":{"nesting_mode":"set","block":{"attributes":{"canonical_uris":{"type":"bool","description_kind":"plain","optional":true},"hide":{"type":["list","string"],"description_kind":"plain","optional":true},"index_names":{"type":["list","string"],"description_kind":"plain","optional":true},"pass_thru":{"type":"bool","description_kind":"plain","optional":true},"root":{"type":"string","description_kind":"plain","optional":true}},"description_kind":"plain"},"max_items":1},"request_body":{"nesting_mode":"set","block":{"attributes":{"max_size":{"type":"number","description_kind":"plain","required":true}},"description_kind":"plain"},"max_items":1},"reverse_proxy":{"nesting_mode":"set","block":{"block_types":{"upstream":{"nesting_mode":"list","block":{"attributes":{"dial":{"type":"string","description_kind":"plain","optional":true}},"description_kind":"plain"},"min_items":1}},"description_kind":"plain"},"max_items":1},"static_response":{"nesting_mode":"set","block":{"attributes":{"body":{"type":"string","description_kind":"plain","optional":true},"close":{"type":"bool","description_kind":"plain","optional":true},"status_code":{"type":"string","description_kind":"plain","optional":true}},"block_types":{"header":{"nesting_mode":"set","block":{"attributes":{"name":{"type":"string","description_kind":"plain","required":true},"values":{"type":["list","string"],"description_kind":"plain","required":true}},"description_kind":"plain"}}},"description_kind":"plain"},"max_items":1},"subroute":{"nesting_mode":"set","block":{"block_types":{"error":{"nesting_mode":"list","block":{"attributes":{"group":{"type":"string","description_kind":"plain","optional":true},"terminal":{"type":"bool","description_kind":"plain","optional":true}},"block_types":{"handle":{"nesting_mode":"list","block":{"block_types":{"file_server":{"nesting_mode":"set","block":{"attributes":{"canonical_uris":{"type":"bool","description_kind":"plain","optional":true},"hide":{"type":["list","string"],"description_kind":"plain","optional":true},"index_names":{"type":["list","string"],"description_kind":"plain","optional":true},"pass_thru":{"type":"bool","description_kind":"plain","optional":true},"root":{"type":"string","description_kind":"plain","optional":true}},"description_kind":"plain"},"max_items":1},"request_body":{"nesting_mode":"set","block":{"attributes":{"max_size":{"type":"number","description_kind":"plain","required":true}},"description_kind":"plain"},"max_items":1},"reverse_proxy":{"nesting_mode":"set","block":{"block_types":{"upstream":{"nesting_mode":"list","block":{"attributes":{"dial":{"type":"string","description_kind":"plain","optional":true}},"description_kind":"plain"},"min_items":1}},"description_kind":"plain"},"max_items":1},"static_response":{"nesting_mode":"set","block":{"attributes":{"body":{"type":"string","description_kind":"plain","optional":true},"close":{"type":"bool","description_kind":"plain","optional":true},"status_code":{"type":"string","description_kind":"plain","optional":true}},"block_types":{"header":{"nesting_mode":"set","block":{"attributes":{"name":{"type":"string","description_kind":"plain","required":true},"values":{"type":["list","string"],"description_kind":"plain","required":true}},"description_kind":"plain"}}},"description_kind":"plain"},"max_items":1},"templates":{"nesting_mode":"set","block":{"attributes":{"delimiters":{"type":["list","string"],"description_kind":"plain","optional":true},"file_root":{"type":"string","description_kind":"plain","optional":true},"mime_types":{"type":["list","string"],"description_kind":"plain","optional":true}},"description_kind":"plain"},"max_items":1}},"description_kind":"plain"}},"match":{"nesting_mode":"list","block":{"attributes":{"host":{"type":["list","string"],"description_kind":"plain","optional":true},"method":{"type":["list","string"],"description_kind":"plain","optional":true},"path":{"type":["list","string"],"description_kind":"plain","optional":true}},"block_types":{"header":{"nesting_mode":"set","block":{"attributes":{"name":{"type":"string","description_kind":"plain","required":true},"values":{"type":["list","string"],"description_kind":"plain","required":true}},"description_kind":"plain"}},"not":{"nesting_mode":"list","block":{"attributes":{"host":{"type":["list","string"],"description_kind":"plain","optional":true},"method":{"type":["list","string"],"description_kind":"plain","optional":true},"path":{"type":["list","string"],"description_kind":"plain","optional":true}},"block_types":{"header":{"nesting_mode":"set","block":{"attributes":{"name":{"type":"string","description_kind":"plain","required":true},"values":{"type":["list","string"],"description_kind":"plain","required":true}},"description_kind":"plain"}},"query":{"nesting_mode":"set","block":{"attributes":{"name":{"type":"string","description_kind":"plain","required":true},"values":{"type":["list","string"],"description_kind":"plain","required":true}},"description_kind":"plain"}}},"description_kind":"plain"}},"query":{"nesting_mode":"set","block":{"attributes":{"name":{"type":"string","description_kind":"plain","required":true},"values":{"type":["list","string"],"description_kind":"plain","required":true}},"description_kind":"plain"}}},"description_kind":"plain"}}},"description_kind":"plain"}},"route":{"nesting_mode":"list","block":{"attributes":{"group":{"type":"string","description_kind":"plain","optional":true},"terminal":{"type":"bool","description_kind":"plain","optional":true}},"block_types":{"handle":{"nesting_mode":"list","block":{"block_types":{"file_server":{"nesting_mode":"set","block":{"attributes":{"canonical_uris":{"type":"bool","description_kind":"plain","optional":true},"hide":{"type":["list","string"],"description_kind":"plain","optional":true},"index_names":{"type":["list","string"],"description_kind":"plain","optional":true},"pass_thru":{"type":"bool","description_kind":"plain","optional":true},"root":{"type":"string","description_kind":"plain","optional":true}},"description_kind":"plain"},"max_items":1},"request_body":{"nesting_mode":"set","block":{"attributes":{"max_size":{"type":"number","description_kind":"plain","required":true}},"description_kind":"plain"},"max_items":1},"reverse_proxy":{"nesting_mode":"set","block":{"block_types":{"upstream":{"nesting_mode":"list","block":{"attributes":{"dial":{"type":"string","description_kind":"plain","optional":true}},"description_kind":"plain"},"min_items":1}},"description_kind":"plain"},"max_items":1},"static_response":{"nesting_mode":"set","block":{"attributes":{"body":{"type":"string","description_kind":"plain","optional":true},"close":{"type":"bool","description_kind":"plain","optional":true},"status_code":{"type":"string","description_kind":"plain","optional":true}},"block_types":{"header":{"nesting_mode":"set","block":{"attributes":{"name":{"type":"string","description_kind":"plain","required":true},"values":{"type":["list","string"],"description_kind":"plain","required":true}},"description_kind":"plain"}}},"description_kind":"plain"},"max_items":1},"templates":{"nesting_mode":"set","block":{"attributes":{"delimiters":{"type":["list","string"],"description_kind":"plain","optional":true},"file_root":{"type":"string","description_kind":"plain","optional":true},"mime_types":{"type":["list","string"],"description_kind":"plain","optional":true}},"description_kind":"plain"},"max_items":1}},"description_kind":"plain"}},"match":{"nesting_mode":"list","block":{"attributes":{"host":{"type":["list","string"],"description_kind":"plain","optional":true},"method":{"type":["list","string"],"description_kind":"plain","optional":true},"path":{"type":["list","string"],"description_kind":"plain","optional":true}},"block_types":{"header":{"nesting_mode":"set","block":{"attributes":{"name":{"type":"string","description_kind":"plain","required":true},"values":{"type":["list","string"],"description_kind":"plain","required":true}},"description_kind":"plain"}},"not":{"nesting_mode":"list","block":{"attributes":{"host":{"type":["list","string"],"description_kind":"plain","optional":true},"method":{"type":["list","string"],"description_kind":"plain","optional":true},"path":{"type":["list","string"],"description_kind":"plain","optional":true}},"block_types":{"header":{"nesting_mode":"set","block":{"attributes":{"name":{"type":"string","description_kind":"plain","required":true},"values":{"type":["list","string"],"description_kind":"plain","required":true}},"description_kind":"plain"}},"query":{"nesting_mode":"set","block":{"attributes":{"name":{"type":"string","description_kind":"plain","required":true},"values":{"type":["list","string"],"description_kind":"plain","required":true}},"description_kind":"plain"}}},"description_kind":"plain"}},"query":{"nesting_mode":"set","block":{"attributes":{"name":{"type":"string","description_kind":"plain","required":true},"values":{"type":["list","string"],"description_kind":"plain","required":true}},"description_kind":"plain"}}},"description_kind":"plain"}}},"description_kind":"plain"}}},"description_kind":"plain"},"max_items":1},"templates":{"nesting_mode":"set","block":{"attributes":{"delimiters":{"type":["list","string"],"description_kind":"plain","optional":true},"file_root":{"type":"string","description_kind":"plain","optional":true},"mime_types":{"type":["list","string"],"description_kind":"plain","optional":true}},"description_kind":"plain"},"max_items":1}},"description_kind":"plain"}},"match":{"nesting_mode":"list","block":{"attributes":{"host":{"type":["list","string"],"description_kind":"plain","optional":true},"method":{"type":["list","string"],"description_kind":"plain","optional":true},"path":{"type":["list","string"],"description_kind":"plain","optional":true}},"block_types":{"header":{"nesting_mode":"set","block":{"attributes":{"name":{"type":"string","description_kind":"plain","required":true},"values":{"type":["list","string"],"description_kind":"plain","required":true}},"description_kind":"plain"}},"not":{"nesting_mode":"list","block":{"attributes":{"host":{"type":["list","string"],"description_kind":"plain","optional":true},"method":{"type":["list","string"],"description_kind":"plain","optional":true},"path":{"type":["list","string"],"description_kind":"plain","optional":true}},"block_types":{"header":{"nesting_mode":"set","block":{"attributes":{"name":{"type":"string","description_kind":"plain","required":true},"values":{"type":["list","string"],"description_kind":"plain","required":true}},"description_kind":"plain"}},"query":{"nesting_mode":"set","block":{"attributes":{"name":{"type":"string","description_kind":"plain","required":true},"values":{"type":["list","string"],"description_kind":"plain","required":true}},"description_kind":"plain"}}},"description_kind":"plain"}},"query":{"nesting_mode":"set","block":{"attributes":{"name":{"type":"string","description_kind":"plain","required":true},"values":{"type":["list","string"],"description_kind":"plain","required":true}},"description_kind":"plain"}}},"description_kind":"plain"}}},"description_kind":"plain"}}},"description_kind":"plain"},"max_items":1},"templates":{"nesting_mode":"set","block":{"attributes":{"delimiters":{"type":["list","string"],"description_kind":"plain","optional":true},"file_root":{"type":"string","description_kind":"plain","optional":true},"mime_types":{"type":["list","string"],"description_kind":"plain","optional":true}},"description_kind":"plain"},"max_items":1}},"description_kind":"plain"}},"match":{"nesting_mode":"list","block":{"attributes":{"host":{"type":["list","string"],"description_kind":"plain","optional":true},"method":{"type":["list","string"],"description_kind":"plain","optional":true},"path":{"type":["list","string"],"description_kind":"plain","optional":true}},"block_types":{"header":{"nesting_mode":"set","block":{"attributes":{"name":{"type":"string","description_kind":"plain","required":true},"values":{"type":["list","string"],"description_kind":"plain","required":true}},"description_kind":"plain"}},"not":{"nesting_mode":"list","block":{"attributes":{"host":{"type":["list","string"],"description_kind":"plain","optional":true},"method":{"type":["list","string"],"description_kind":"plain","optional":true},"path":{"type":["list","string"],"description_kind":"plain","optional":true}},"block_types":{"header":{"nesting_mode":"set","block":{"attributes":{"name":{"type":"string","description_kind":"plain","required":true},"values":{"type":["list","string"],"description_kind":"plain","required":true}},"description_kind":"plain"}},"query":{"nesting_mode":"set","block":{"attributes":{"name":{"type":"string","description_kind":"plain","required":true},"values":{"type":["list","string"],"description_kind":"plain","required":true}},"description_kind":"plain"}}},"description_kind":"plain"}},"query":{"nesting_mode":"set","block":{"attributes":{"name":{"type":"string","description_kind":"plain","required":true},"values":{"type":["list","string"],"description_kind":"plain","required":true}},"description_kind":"plain"}}},"description_kind":"plain"}}},"description_kind":"plain"}},"route":{"nesting_mode":"list","block":{"attributes":{"group":{"type":"string","description_kind":"plain","optional":true},"terminal":{"type":"bool","description_kind":"plain","optional":true}},"block_types":{"handle":{"nesting_mode":"list","block":{"block_types":{"file_server":{"nesting_mode":"set","block":{"attributes":{"canonical_uris":{"type":"bool","description_kind":"plain","optional":true},"hide":{"type":["list","string"],"description_kind":"plain","optional":true},"index_names":{"type":["list","string"],"description_kind":"plain","optional":true},"pass_thru":{"type":"bool","description_kind":"plain","optional":true},"root":{"type":"string","description_kind":"plain","optional":true}},"description_kind":"plain"},"max_items":1},"request_body":{"nesting_mode":"set","block":{"attributes":{"max_size":{"type":"number","description_kind":"plain","required":true}},"description_kind":"plain"},"max_items":1},"reverse_proxy":{"nesting_mode":"set","block":{"block_types":{"upstream":{"nesting_mode":"list","block":{"attributes":{"dial":{"type":"string","description_kind":"plain","optional":true}},"description_kind":"plain"},"min_items":1}},"description_kind":"plain"},"max_items":1},"static_response":{"nesting_mode":"set","block":{"attributes":{"body":{"type":"string","description_kind":"plain","optional":true},"close":{"type":"bool","description_kind":"plain","optional":true},"status_code":{"type":"string","description_kind":"plain","optional":true}},"block_types":{"header":{"nesting_mode":"set","block":{"attributes":{"name":{"type":"string","description_kind":"plain","required":true},"values":{"type":["list","string"],"description_kind":"plain","required":true}},"description_kind":"plain"}}},"description_kind":"plain"},"max_items":1},"subroute":{"nesting_mode":"set","block":{"block_types":{"error":{"nesting_mode":"list","block":{"attributes":{"group":{"type":"string","description_kind":"plain","optional":true},"terminal":{"type":"bool","description_kind":"plain","optional":true}},"block_types":{"handle":{"nesting_mode":"list","block":{"block_types":{"file_server":{"nesting_mode":"set","block":{"attributes":{"canonical_uris":{"type":"bool","description_kind":"plain","optional":true},"hide":{"type":["list","string"],"description_kind":"plain","optional":true},"index_names":{"type":["list","string"],"description_kind":"plain","optional":true},"pass_thru":{"type":"bool","description_kind":"plain","optional":true},"root":{"type":"string","description_kind":"plain","optional":true}},"description_kind":"plain"},"max_items":1},"request_body":{"nesting_mode":"set","block":{"attributes":{"max_size":{"type":"number","description_kind":"plain","required":true}},"description_kind":"plain"},"max_items":1},"reverse_proxy":{"nesting_mode":"set","block":{"block_types":{"upstream":{"nesting_mode":"list","block":{"attributes":{"dial":{"type":"string","description_kind":"plain","optional":true}},"description_kind":"plain"},"min_items":1}},"description_kind":"plain"},"max_items":1},"static_response":{"nesting_mode":"set","block":{"attributes":{"body":{"type":"string","description_kind":"plain","optional":true},"close":{"type":"bool","description_kind":"plain","optional":true},"status_code":{"type":"string","description_kind":"plain","optional":true}},"block_types":{"header":{"nesting_mode":"set","block":{"attributes":{"name":{"type":"string","description_kind":"plain","required":true},"values":{"type":["list","string"],"description_kind":"plain","required":true}},"description_kind":"plain"}}},"description_kind":"plain"},"max_items":1},"subroute":{"nesting_mode":"set","block":{"block_types":{"error":{"nesting_mode":"list","block":{"attributes":{"group":{"type":"string","description_kind":"plain","optional":true},"terminal":{"type":"bool","description_kind":"plain","optional":true}},"block_types":{"handle":{"nesting_mode":"list","block":{"block_types":{"file_server":{"nesting_mode":"set","block":{"attributes":{"canonical_uris":{"type":"bool","description_kind":"plain","optional":true},"hide":{"type":["list","string"],"description_kind":"plain","optional":true},"index_names":{"type":["list","string"],"description_kind":"plain","optional":true},"pass_thru":{"type":"bool","description_kind":"plain","optional":true},"root":{"type":"string","description_kind":"plain","optional":true}},"description_kind":"plain"},"max_items":1},"request_body":{"nesting_mode":"set","block":{"attributes":{"max_size":{"type":"number","description_kind":"plain","required":true}},"description_kind":"plain"},"max_items":1},"reverse_proxy":{"nesting_mode":"set","block":{"block_types":{"upstream":{"nesting_mode":"list","block":{"attributes":{"dial":{"type":"string","description_kind":"plain","optional":true}},"description_kind":"plain"},"min_items":1}},"description_kind":"plain"},"max_items":1},"static_response":{"nesting_mode":"set","block":{"attributes":{"body":{"type":"string","description_kind":"plain","optional":true},"close":{"type":"bool","description_kind":"plain","optional":true},"status_code":{"type":"string","description_kind":"plain","optional":true}},"block_types":{"header":{"nesting_mode":"set","block":{"attributes":{"name":{"type":"string","description_kind":"plain","required":true},"values":{"type":["list","string"],"description_kind":"plain","required":true}},"description_kind":"plain"}}},"description_kind":"plain"},"max_items":1},"templates":{"nesting_mode":"set","block":{"attributes":{"delimiters":{"type":["list","string"],"description_kind":"plain","optional":true},"file_root":{"type":"string","description_kind":"plain","optional":true},"mime_types":{"type":["list","string"],"description_kind":"plain","optional":true}},"description_kind":"plain"},"max_items":1}},"description_kind":"plain"}},"match":{"nesting_mode":"list","block":{"attributes":{"host":{"type":["list","string"],"description_kind":"plain","optional":true},"method":{"type":["list","string"],"description_kind":"plain","optional":true},"path":{"type":["list","string"],"description_kind":"plain","optional":true}},"block_types":{"header":{"nesting_mode":"set","block":{"attributes":{"name":{"type":"string","description_kind":"plain","required":true},"values":{"type":["list","string"],"description_kind":"plain","required":true}},"description_kind":"plain"}},"not":{"nesting_mode":"list","block":{"attributes":{"host":{"type":["list","string"],"description_kind":"plain","optional":true},"method":{"type":["list","string"],"description_kind":"plain","optional":true},"path":{"type":["list","string"],"description_kind":"plain","optional":true}},"block_types":{"header":{"nesting_mode":"set","block":{"attributes":{"name":{"type":"string","description_kind":"plain","required":true},"values":{"type":["list","string"],"description_kind":"plain","required":true}},"description_kind":"plain"}},"query":{"nesting_mode":"set","block":{"attributes":{"name":{"type":"string","description_kind":"plain","required":true},"values":{"type":["list","string"],"description_kind":"plain","required":true}},"description_kind":"plain"}}},"description_kind":"plain"}},"query":{"nesting_mode":"set","block":{"attributes":{"name":{"type":"string","description_kind":"plain","required":true},"values":{"type":["list","string"],"description_kind":"plain","required":true}},"description_kind":"plain"}}},"description_kind":"plain"}}},"description_kind":"plain"}},"route":{"nesting_mode":"list","block":{"attributes":{"group":{"type":"string","description_kind":"plain","optional":true},"terminal":{"type":"bool","description_kind":"plain","optional":true}},"block_types":{"handle":{"nesting_mode":"list","block":{"block_types":{"file_server":{"nesting_mode":"set","block":{"attributes":{"canonical_uris":{"type":"bool","description_kind":"plain","optional":true},"hide":{"type":["list","string"],"description_kind":"plain","optional":true},"index_names":{"type":["list","string"],"description_kind":"plain","optional":true},"pass_thru":{"type":"bool","description_kind":"plain","optional":true},"root":{"type":"string","description_kind":"plain","optional":true}},"description_kind":"plain"},"max_items":1},"request_body":{"nesting_mode":"set","block":{"attributes":{"max_size":{"type":"number","description_kind":"plain","required":true}},"description_kind":"plain"},"max_items":1},"reverse_proxy":{"nesting_mode":"set","block":{"block_types":{"upstream":{"nesting_mode":"list","block":{"attributes":{"dial":{"type":"string","description_kind":"plain","optional":true}},"description_kind":"plain"},"min_items":1}},"description_kind":"plain"},"max_items":1},"static_response":{"nesting_mode":"set","block":{"attributes":{"body":{"type":"string","description_kind":"plain","optional":true},"close":{"type":"bool","description_kind":"plain","optional":true},"status_code":{"type":"string","description_kind":"plain","optional":true}},"block_types":{"header":{"nesting_mode":"set","block":{"attributes":{"name":{"type":"string","description_kind":"plain","required":true},"values":{"type":["list","string"],"description_kind":"plain","required":true}},"description_kind":"plain"}}},"description_kind":"plain"},"max_items":1},"templates":{"nesting_mode":"set","block":{"attributes":{"delimiters":{"type":["list","string"],"description_kind":"plain","optional":true},"file_root":{"type":"string","description_kind":"plain","optional":true},"mime_types":{"type":["list","string"],"description_kind":"plain","optional":true}},"description_kind":"plain"},"max_items":1}},"description_kind":"plain"}},"match":{"nesting_mode":"list","block":{"attributes":{"host":{"type":["list","string"],"description_kind":"plain","optional":true},"method":{"type":["list","string"],"description_kind":"plain","optional":true},"path":{"type":["list","string"],"description_kind":"plain","optional":true}},"block_types":{"header":{"nesting_mode":"set","block":{"attributes":{"name":{"type":"string","description_kind":"plain","required":true},"values":{"type":["list","string"],"description_kind":"plain","required":true}},"description_kind":"plain"}},"not":{"nesting_mode":"list","block":{"attributes":{"host":{"type":["list","string"],"description_kind":"plain","optional":true},"method":{"type":["list","string"],"description_kind":"plain","optional":true},"path":{"type":["list","string"],"description_kind":"plain","optional":true}},"block_types":{"header":{"nesting_mode":"set","block":{"attributes":{"name":{"type":"string","description_kind":"plain","required":true},"values":{"type":["list","string"],"description_kind":"plain","required":true}},"description_kind":"plain"}},"query":{"nesting_mode":"set","block":{"attributes":{"name":{"type":"string","description_kind":"plain","required":true},"values":{"type":["list","string"],"description_kind":"plain","required":true}},"description_kind":"plain"}}},"description_kind":"plain"}},"query":{"nesting_mode":"set","block":{"attributes":{"name":{"type":"string","description_kind":"plain","required":true},"values":{"type":["list","string"],"description_kind":"plain","required":true}},"description_kind":"plain"}}},"description_kind":"plain"}}},"description_kind":"plain"}}},"description_kind":"plain"},"max_items":1},"templates":{"nesting_mode":"set","block":{"attributes":{"delimiters":{"type":["list","string"],"description_kind":"plain","optional":true},"file_root":{"type":"string","description_kind":"plain","optional":true},"mime_types":{"type":["list","string"],"description_kind":"plain","optional":true}},"description_kind":"plain"},"max_items":1}},"description_kind":"plain"}},"match":{"nesting_mode":"list","block":{"attributes":{"host":{"type":["list","string"],"description_kind":"plain","optional":true},"method":{"type":["list","string"],"description_kind":"plain","optional":true},"path":{"type":["list","string"],"description_kind":"plain","optional":true}},"block_types":{"header":{"nesting_mode":"set","block":{"attributes":{"name":{"type":"string","description_kind":"plain","required":true},"values":{"type":["list","string"],"description_kind":"plain","required":true}},"description_kind":"plain"}},"not":{"nesting_mode":"list","block":{"attributes":{"host":{"type":["list","string"],"description_kind":"plain","optional":true},"method":{"type":["list","string"],"description_kind":"plain","optional":true},"path":{"type":["list","string"],"description_kind":"plain","optional":true}},"block_types":{"header":{"nesting_mode":"set","block":{"attributes":{"name":{"type":"string","description_kind":"plain","required":true},"values":{"type":["list","string"],"description_kind":"plain","required":true}},"description_kind":"plain"}},"query":{"nesting_mode":"set","block":{"attributes":{"name":{"type":"string","description_kind":"plain","required":true},"values":{"type":["list","string"],"description_kind":"plain","required":true}},"description_kind":"plain"}}},"description_kind":"plain"}},"query":{"nesting_mode":"set","block":{"attributes":{"name":{"type":"string","description_kind":"plain","required":true},"values":{"type":["list","string"],"description_kind":"plain","required":true}},"description_kind":"plain"}}},"description_kind":"plain"}}},"description_kind":"plain"}},"route":{"nesting_mode":"list","block":{"attributes":{"group":{"type":"string","description_kind":"plain","optional":true},"terminal":{"type":"bool","description_kind":"plain","optional":true}},"block_types":{"handle":{"nesting_mode":"list","block":{"block_types":{"file_server":{"nesting_mode":"set","block":{"attributes":{"canonical_uris":{"type":"bool","description_kind":"plain","optional":true},"hide":{"type":["list","string"],"description_kind":"plain","optional":true},"index_names":{"type":["list","string"],"description_kind":"plain","optional":true},"pass_thru":{"type":"bool","description_kind":"plain","optional":true},"root":{"type":"string","description_kind":"plain","optional":true}},"description_kind":"plain"},"max_items":1},"request_body":{"nesting_mode":"set","block":{"attributes":{"max_size":{"type":"number","description_kind":"plain","required":true}},"description_kind":"plain"},"max_items":1},"reverse_proxy":{"nesting_mode":"set","block":{"block_types":{"upstream":{"nesting_mode":"list","block":{"attributes":{"dial":{"type":"string","description_kind":"plain","optional":true}},"description_kind":"plain"},"min_items":1}},"description_kind":"plain"},"max_items":1},"static_response":{"nesting_mode":"set","block":{"attributes":{"body":{"type":"string","description_kind":"plain","optional":true},"close":{"type":"bool","description_kind":"plain","optional":true},"status_code":{"type":"string","description_kind":"plain","optional":true}},"block_types":{"header":{"nesting_mode":"set","block":{"attributes":{"name":{"type":"string","description_kind":"plain","required":true},"values":{"type":["list","string"],"description_kind":"plain","required":true}},"description_kind":"plain"}}},"description_kind":"plain"},"max_items":1},"subroute":{"nesting_mode":"set","block":{"block_types":{"error":{"nesting_mode":"list","block":{"attributes":{"group":{"type":"string","description_kind":"plain","optional":true},"terminal":{"type":"bool","description_kind":"plain","optional":true}},"block_types":{"handle":{"nesting_mode":"list","block":{"block_types":{"file_server":{"nesting_mode":"set","block":{"attributes":{"canonical_uris":{"type":"bool","description_kind":"plain","optional":true},"hide":{"type":["list","string"],"description_kind":"plain","optional":true},"index_names":{"type":["list","string"],"description_kind":"plain","optional":true},"pass_thru":{"type":"bool","description_kind":"plain","optional":true},"root":{"type":"string","description_kind":"plain","optional":true}},"description_kind":"plain"},"max_items":1},"request_body":{"nesting_mode":"set","block":{"attributes":{"max_size":{"type":"number","description_kind":"plain","required":true}},"description_kind":"plain"},"max_items":1},"reverse_proxy":{"nesting_mode":"set","block":{"block_types":{"upstream":{"nesting_mode":"list","block":{"attributes":{"dial":{"type":"string","description_kind":"plain","optional":true}},"description_kind":"plain"},"min_items":1}},"description_kind":"plain"},"max_items":1},"static_response":{"nesting_mode":"set","block":{"attributes":{"body":{"type":"string","description_kind":"plain","optional":true},"close":{"type":"bool","description_kind":"plain","optional":true},"status_code":{"type":"string","description_kind":"plain","optional":true}},"block_types":{"header":{"nesting_mode":"set","block":{"attributes":{"name":{"type":"string","description_kind":"plain","required":true},"values":{"type":["list","string"],"description_kind":"plain","required":true}},"description_kind":"plain"}}},"description_kind":"plain"},"max_items":1},"templates":{"nesting_mode":"set","block":{"attributes":{"delimiters":{"type":["list","string"],"description_kind":"plain","optional":true},"file_root":{"type":"string","description_kind":"plain","optional":true},"mime_types":{"type":["list","string"],"description_kind":"plain","optional":true}},"description_kind":"plain"},"max_items":1}},"description_kind":"plain"}},"match":{"nesting_mode":"list","block":{"attributes":{"host":{"type":["list","string"],"description_kind":"plain","optional":true},"method":{"type":["list","string"],"description_kind":"plain","optional":true},"path":{"type":["list","string"],"description_kind":"plain","optional":true}},"block_types":{"header":{"nesting_mode":"set","block":{"attributes":{"name":{"type":"string","description_kind":"plain","required":true},"values":{"type":["list","string"],"description_kind":"plain","required":true}},"description_kind":"plain"}},"not":{"nesting_mode":"list","block":{"attributes":{"host":{"type":["list","string"],"description_kind":"plain","optional":true},"method":{"type":["list","string"],"description_kind":"plain","optional":true},"path":{"type":["list","string"],"description_kind":"plain","optional":true}},"block_types":{"header":{"nesting_mode":"set","block":{"attributes":{"name":{"type":"string","description_kind":"plain","required":true},"values":{"type":["list","string"],"description_kind":"plain","required":true}},"description_kind":"plain"}},"query":{"nesting_mode":"set","block":{"attributes":{"name":{"type":"string","description_kind":"plain","required":true},"values":{"type":["list","string"],"description_kind":"plain","required":true}},"description_kind":"plain"}}},"description_kind":"plain"}},"query":{"nesting_mode":"set","block":{"attributes":{"name":{"type":"string","description_kind":"plain","required":true},"values":{"type":["list","string"],"description_kind":"plain","required":true}},"description_kind":"plain"}}},"description_kind":"plain"}}},"description_kind":"plain"}},"route":{"nesting_mode":"list","block":{"attributes":{"group":{"type":"string","description_kind":"plain","optional":true},"terminal":{"type":"bool","description_kind":"plain","optional":true}},"block_types":{"handle":{"nesting_mode":"list","block":{"block_types":{"file_server":{"nesting_mode":"set","block":{"attributes":{"canonical_uris":{"type":"bool","description_kind":"plain","optional":true},"hide":{"type":["list","string"],"description_kind":"plain","optional":true},"index_names":{"type":["list","string"],"description_kind":"plain","optional":true},"pass_thru":{"type":"bool","description_kind":"plain","optional":true},"root":{"type":"string","description_kind":"plain","optional":true}},"description_kind":"plain"},"max_items":1},"request_body":{"nesting_mode":"set","block":{"attributes":{"max_size":{"type":"number","description_kind":"plain","required":true}},"description_kind":"plain"},"max_items":1},"reverse_proxy":{"nesting_mode":"set","block":{"block_types":{"upstream":{"nesting_mode":"list","block":{"attributes":{"dial":{"type":"string","description_kind":"plain","optional":true}},"description_kind":"plain"},"min_items":1}},"description_kind":"plain"},"max_items":1},"static_response":{"nesting_mode":"set","block":{"attributes":{"body":{"type":"string","description_kind":"plain","optional":true},"close":{"type":"bool","description_kind":"plain","optional":true},"status_code":{"type":"string","description_kind":"plain","optional":true}},"block_types":{"header":{"nesting_mode":"set","block":{"attributes":{"name":{"type":"string","description_kind":"plain","required":true},"values":{"type":["list","string"],"description_kind":"plain","required":true}},"description_kind":"plain"}}},"description_kind":"plain"},"max_items":1},"templates":{"nesting_mode":"set","block":{"attributes":{"delimiters":{"type":["list","string"],"description_kind":"plain","optional":true},"file_root":{"type":"string","description_kind":"plain","optional":true},"mime_types":{"type":["list","string"],"description_kind":"plain","optional":true}},"description_kind":"plain"},"max_items":1}},"description_kind":"plain"}},"match":{"nesting_mode":"list","block":{"attributes":{"host":{"type":["list","string"],"description_kind":"plain","optional":true},"method":{"type":["list","string"],"description_kind":"plain","optional":true},"path":{"type":["list","string"],"description_kind":"plain","optional":true}},"block_types":{"header":{"nesting_mode":"set","block":{"attributes":{"name":{"type":"string","description_kind":"plain","required":true},"values":{"type":["list","string"],"description_kind":"plain","required":true}},"description_kind":"plain"}},"not":{"nesting_mode":"list","block":{"attributes":{"host":{"type":["list","string"],"description_kind":"plain","optional":true},"method":{"type":["list","string"],"description_kind":"plain","optional":true},"path":{"type":["list","string"],"description_kind":"plain","optional":true}},"block_types":{"header":{"nesting_mode":"set","block":{"attributes":{"name":{"type":"string","description_kind":"plain","required":true},"values":{"type":["list","string"],"description_kind":"plain","required":true}},"description_kind":"plain"}},"query":{"nesting_mode":"set","block":{"attributes":{"name":{"type":"string","description_kind":"plain","required":true},"values":{"type":["list","string"],"description_kind":"plain","required":true}},"description_kind":"plain"}}},"description_kind":"plain"}},"query":{"nesting_mode":"set","block":{"attributes":{"name":{"type":"string","description_kind":"plain","required":true},"values":{"type":["list","string"],"description_kind":"plain","required":true}},"description_kind":"plain"}}},"description_kind":"plain"}}},"description_kind":"plain"}}},"description_kind":"plain"},"max_items":1},"templates":{"nesting_mode":"set","block":{"attributes":{"delimiters":{"type":["list","string"],"description_kind":"plain","optional":true},"file_root":{"type":"string","description_kind":"plain","optional":true},"mime_types":{"type":["list","string"],"description_kind":"plain","optional":true}},"description_kind":"plain"},"max_items":1}},"description_kind":"plain"}},"match":{"nesting_mode":"list","block":{"attributes":{"host":{"type":["list","string"],"description_kind":"plain","optional":true},"method":{"type":["list","string"],"description_kind":"plain","optional":true},"path":{"type":["list","string"],"description_kind":"plain","optional":true}},"block_types":{"header":{"nesting_mode":"set","block":{"attributes":{"name":{"type":"string","description_kind":"plain","required":true},"values":{"type":["list","string"],"description_kind":"plain","required":true}},"description_kind":"plain"}},"not":{"nesting_mode":"list","block":{"attributes":{"host":{"type":["list","string"],"description_kind":"plain","optional":true},"method":{"type":["list","string"],"description_kind":"plain","optional":true},"path":{"type":["list","string"],"description_kind":"plain","optional":true}},"block_types":{"header":{"nesting_mode":"set","block":{"attributes":{"name":{"type":"string","description_kind":"plain","required":true},"values":{"type":["list","string"],"description_kind":"plain","required":true}},"description_kind":"plain"}},"query":{"nesting_mode":"set","block":{"attributes":{"name":{"type":"string","description_kind":"plain","required":true},"values":{"type":["list","string"],"description_kind":"plain","required":true}},"description_kind":"plain"}}},"description_kind":"plain"}},"query":{"nesting_mode":"set","block":{"attributes":{"name":{"type":"string","description_kind":"plain","required":true},"values":{"type":["list","string"],"description_kind":"plain","required":true}},"description_kind":"plain"}}},"description_kind":"plain"}}},"description_kind":"plain"}}},"description_kind":"plain"},"max_items":1},"templates":{"nesting_mode":"set","block":{"attributes":{"delimiters":{"type":["list","string"],"description_kind":"plain","optional":true},"file_root":{"type":"string","description_kind":"plain","optional":true},"mime_types":{"type":["list","string"],"description_kind":"plain","optional":true}},"description_kind":"plain"},"max_items":1}},"description_kind":"plain"}},"match":{"nesting_mode":"list","block":{"attributes":{"host":{"type":["list","string"],"description_kind":"plain","optional":true},"method":{"type":["list","string"],"description_kind":"plain","optional":true},"path":{"type":["list","string"],"description_kind":"plain","optional":true}},"block_types":{"header":{"nesting_mode":"set","block":{"attributes":{"name":{"type":"string","description_kind":"plain","required":true},"values":{"type":["list","string"],"description_kind":"plain","required":true}},"description_kind":"plain"}},"not":{"nesting_mode":"list","block":{"attributes":{"host":{"type":["list","string"],"description_kind":"plain","optional":true},"method":{"type":["list","string"],"description_kind":"plain","optional":true},"path":{"type":["list","string"],"description_kind":"plain","optional":true}},"block_types":{"header":{"nesting_mode":"set","block":{"attributes":{"name":{"type":"string","description_kind":"plain","required":true},"values":{"type":["list","string"],"description_kind":"plain","required":true}},"description_kind":"plain"}},"query":{"nesting_mode":"set","block":{"attributes":{"name":{"type":"string","description_kind":"plain","required":true},"values":{"type":["list","string"],"description_kind":"plain","required":true}},"description_kind":"plain"}}},"description_kind":"plain"}},"query":{"nesting_mode":"set","block":{"attributes":{"name":{"type":"string","description_kind":"plain","required":true},"values":{"type":["list","string"],"description_kind":"plain","required":true}},"description_kind":"plain"}}},"description_kind":"plain"}}},"description_kind":"plain"}}},"description_kind":"plain"},"max_items":1},"templates":{"nesting_mode":"set","block":{"attributes":{"delimiters":{"type":["list","string"],"description_kind":"plain","optional":true},"file_root":{"type":"string","description_kind":"plain","optional":true},"mime_types":{"type":["list","string"],"description_kind":"plain","optional":true}},"description_kind":"plain"},"max_items":1}},"description_kind":"plain"}},"match":{"nesting_mode":"list","block":{"attributes":{"host":{"type":["list","string"],"description_kind":"plain","optional":true},"method":{"type":["list","string"],"description_kind":"plain","optional":true},"path":{"type":["list","string"],"description_kind":"plain","optional":true}},"block_types":{"header":{"nesting_mode":"set","block":{"attributes":{"name":{"type":"string","description_kind":"plain","required":true},"values":{"type":["list","string"],"description_kind":"plain","required":true}},"description_kind":"plain"}},"not":{"nesting_mode":"list","block":{"attributes":{"host":{"type":["list","string"],"description_kind":"plain","optional":true},"method":{"type":["list","string"],"description_kind":"plain","optional":true},"path":{"type":["list","string"],"description_kind":"plain","optional":true}},"block_types":{"header":{"nesting_mode":"set","block":{"attributes":{"name":{"type":"string","description_kind":"plain","required":true},"values":{"type":["list","string"],"description_kind":"plain","required":true}},"description_kind":"plain"}},"query":{"nesting_mode":"set","block":{"attributes":{"name":{"type":"string","description_kind":"plain","required":true},"values":{"type":["list","string"],"description_kind":"plain","required":true}},"description_kind":"plain"}}},"description_kind":"plain"}},"query":{"nesting_mode":"set","block":{"attributes":{"name":{"type":"string","description_kind":"plain","required":true},"values":{"type":["list","string"],"description_kind":"plain","required":true}},"description_kind":"plain"}}},"description_kind":"plain"}}},"description_kind":"plain"}},"route":{"nesting_mode":"list","block":{"attributes":{"group":{"type":"string","description_kind":"plain","optional":true},"terminal":{"type":"bool","description_kind":"plain","optional":true}},"block_types":{"handle":{"nesting_mode":"list","block":{"block_types":{"file_server":{"nesting_mode":"set","block":{"attributes":{"canonical_uris":{"type":"bool","description_kind":"plain","optional":true},"hide":{"type":["list","string"],"description_kind":"plain","optional":true},"index_names":{"type":["list","string"],"description_kind":"plain","optional":true},"pass_thru":{"type":"bool","description_kind":"plain","optional":true},"root":{"type":"string","description_kind":"plain","optional":true}},"description_kind":"plain"},"max_items":1},"request_body":{"nesting_mode":"set","block":{"attributes":{"max_size":{"type":"number","description_kind":"plain","required":true}},"description_kind":"plain"},"max_items":1},"reverse_proxy":{"nesting_mode":"set","block":{"block_types":{"upstream":{"nesting_mode":"list","block":{"attributes":{"dial":{"type":"string","description_kind":"plain","optional":true}},"description_kind":"plain"},"min_items":1}},"description_kind":"plain"},"max_items":1},"static_response":{"nesting_mode":"set","block":{"attributes":{"body":{"type":"string","description_kind":"plain","optional":true},"close":{"type":"bool","description_kind":"plain","optional":true},"status_code":{"type":"string","description_kind":"plain","optional":true}},"block_types":{"header":{"nesting_mode":"set","block":{"attributes":{"name":{"type":"string","description_kind":"plain","required":true},"values":{"type":["list","string"],"description_kind":"plain","required":true}},"description_kind":"plain"}}},"description_kind":"plain"},"max_items":1},"subroute":{"nesting_mode":"set","block":{"block_types":{"error":{"nesting_mode":"list","block":{"attributes":{"group":{"type":"string","description_kind":"plain","optional":true},"terminal":{"type":"bool","description_kind":"plain","optional":true}},"block_types":{"handle":{"nesting_mode":"list","block":{"block_types":{"file_server":{"nesting_mode":"set","block":{"attributes":{"canonical_uris":{"type":"bool","description_kind":"plain","optional":true},"hide":{"type":["list","string"],"description_kind":"plain","optional":true},"index_names":{"type":["list","string"],"description_kind":"plain","optional":true},"pass_thru":{"type":"bool","description_kind":"plain","optional":true},"root":{"type":"string","description_kind":"plain","optional":true}},"description_kind":"plain"},"max_items":1},"request_body":{"nesting_mode":"set","block":{"attributes":{"max_size":{"type":"number","description_kind":"plain","required":true}},"description_kind":"plain"},"max_items":1},"reverse_proxy":{"nesting_mode":"set","block":{"block_types":{"upstream":{"nesting_mode":"list","block":{"attributes":{"dial":{"type":"string","description_kind":"plain","optional":true}},"description_kind":"plain"},"min_items":1}},"description_kind":"plain"},"max_items":1},"static_response":{"nesting_mode":"set","block":{"attributes":{"body":{"type":"string","description_kind":"plain","optional":true},"close":{"type":"bool","description_kind":"plain","optional":true},"status_code":{"type":"string","description_kind":"plain","optional":true}},"block_types":{"header":{"nesting_mode":"set","block":{"attributes":{"name":{"type":"string","description_kind":"plain","required":true},"values":{"type":["list","string"],"description_kind":"plain","required":true}},"description_kind":"plain"}}},"description_kind":"plain"},"max_items":1},"subroute":{"nesting_mode":"set","block":{"block_types":{"error":{"nesting_mode":"list","block":{"attributes":{"group":{"type":"string","description_kind":"plain","optional":true},"terminal":{"type":"bool","description_kind":"plain","optional":true}},"block_types":{"handle":{"nesting_mode":"list","block":{"block_types":{"file_server":{"nesting_mode":"set","block":{"attributes":{"canonical_uris":{"type":"bool","description_kind":"plain","optional":true},"hide":{"type":["list","string"],"description_kind":"plain","optional":true},"index_names":{"type":["list","string"],"description_kind":"plain","optional":true},"pass_thru":{"type":"bool","description_kind":"plain","optional":true},"root":{"type":"string","description_kind":"plain","optional":true}},"description_kind":"plain"},"max_items":1},"request_body":{"nesting_mode":"set","block":{"attributes":{"max_size":{"type":"number","description_kind":"plain","required":true}},"description_kind":"plain"},"max_items":1},"reverse_proxy":{"nesting_mode":"set","block":{"block_types":{"upstream":{"nesting_mode":"list","block":{"attributes":{"dial":{"type":"string","description_kind":"plain","optional":true}},"description_kind":"plain"},"min_items":1}},"description_kind":"plain"},"max_items":1},"static_response":{"nesting_mode":"set","block":{"attributes":{"body":{"type":"string","description_kind":"plain","optional":true},"close":{"type":"bool","description_kind":"plain","optional":true},"status_code":{"type":"string","description_kind":"plain","optional":true}},"block_types":{"header":{"nesting_mode":"set","block":{"attributes":{"name":{"type":"string","description_kind":"plain","required":true},"values":{"type":["list","string"],"description_kind":"plain","required":true}},"description_kind":"plain"}}},"description_kind":"plain"},"max_items":1},"subroute":{"nesting_mode":"set","block":{"block_types":{"error":{"nesting_mode":"list","block":{"attributes":{"group":{"type":"string","description_kind":"plain","optional":true},"terminal":{"type":"bool","description_kind":"plain","optional":true}},"block_types":{"handle":{"nesting_mode":"list","block":{"block_types":{"file_server":{"nesting_mode":"set","block":{"attributes":{"canonical_uris":{"type":"bool","description_kind":"plain","optional":true},"hide":{"type":["list","string"],"description_kind":"plain","optional":true},"index_names":{"type":["list","string"],"description_kind":"plain","optional":true},"pass_thru":{"type":"bool","description_kind":"plain","optional":true},"root":{"type":"string","description_kind":"plain","optional":true}},"description_kind":"plain"},"max_items":1},"request_body":{"nesting_mode":"set","block":{"attributes":{"max_size":{"type":"number","description_kind":"plain","required":true}},"description_kind":"plain"},"max_items":1},"reverse_proxy":{"nesting_mode":"set","block":{"block_types":{"upstream":{"nesting_mode":"list","block":{"attributes":{"dial":{"type":"string","description_kind":"plain","optional":true}},"description_kind":"plain"},"min_items":1}},"description_kind":"plain"},"max_items":1},"static_response":{"nesting_mode":"set","block":{"attributes":{"body":{"type":"string","description_kind":"plain","optional":true},"close":{"type":"bool","description_kind":"plain","optional":true},"status_code":{"type":"string","description_kind":"plain","optional":true}},"block_types":{"header":{"nesting_mode":"set","block":{"attributes":{"name":{"type":"string","description_kind":"plain","required":true},"values":{"type":["list","string"],"description_kind":"plain","required":true}},"description_kind":"plain"}}},"description_kind":"plain"},"max_items":1},"templates":{"nesting_mode":"set","block":{"attributes":{"delimiters":{"type":["list","string"],"description_kind":"plain","optional":true},"file_root":{"type":"string","description_kind":"plain","optional":true},"mime_types":{"type":["list","string"],"description_kind":"plain","optional":true}},"description_kind":"plain"},"max_items":1}},"description_kind":"plain"}},"match":{"nesting_mode":"list","block":{"attributes":{"host":{"type":["list","string"],"description_kind":"plain","optional":true},"method":{"type":["list","string"],"description_kind":"plain","optional":true},"path":{"type":["list","string"],"description_kind":"plain","optional":true}},"block_types":{"header":{"nesting_mode":"set","block":{"attributes":{"name":{"type":"string","description_kind":"plain","required":true},"values":{"type":["list","string"],"description_kind":"plain","required":true}},"description_kind":"plain"}},"not":{"nesting_mode":"list","block":{"attributes":{"host":{"type":["list","string"],"description_kind":"plain","optional":true},"method":{"type":["list","string"],"description_kind":"plain","optional":true},"path":{"type":["list","string"],"description_kind":"plain","optional":true}},"block_types":{"header":{"nesting_mode":"set","block":{"attributes":{"name":{"type":"string","description_kind":"plain","required":true},"values":{"type":["list","string"],"description_kind":"plain","required":true}},"description_kind":"plain"}},"query":{"nesting_mode":"set","block":{"attributes":{"name":{"type":"string","description_kind":"plain","required":true},"values":{"type":["list","string"],"description_kind":"plain","required":true}},"description_kind":"plain"}}},"description_kind":"plain"}},"query":{"nesting_mode":"set","block":{"attributes":{"name":{"type":"string","description_kind":"plain","required":true},"values":{"type":["list","string"],"description_kind":"plain","required":true}},"description_kind":"plain"}}},"description_kind":"plain"}}},"description_kind":"plain"}},"route":{"nesting_mode":"list","block":{"attributes":{"group":{"type":"string","description_kind":"plain","optional":true},"terminal":{"type":"bool","description_kind":"plain","optional":true}},"block_types":{"handle":{"nesting_mode":"list","block":{"block_types":{"file_server":{"nesting_mode":"set","block":{"attributes":{"canonical_uris":{"type":"bool","description_kind":"plain","optional":true},"hide":{"type":["list","string"],"description_kind":"plain","optional":true},"index_names":{"type":["list","string"],"description_kind":"plain","optional":true},"pass_thru":{"type":"bool","description_kind":"plain","optional":true},"root":{"type":"string","description_kind":"plain","optional":true}},"description_kind":"plain"},"max_items":1},"request_body":{"nesting_mode":"set","block":{"attributes":{"max_size":{"type":"number","description_kind":"plain","required":true}},"description_kind":"plain"},"max_items":1},"reverse_proxy":{"nesting_mode":"set","block":{"block_types":{"upstream":{"nesting_mode":"list","block":{"attributes":{"dial":{"type":"string","description_kind":"plain","optional":true}},"description_kind":"plain"},"min_items":1}},"description_kind":"plain"},"max_items":1},"static_response":{"nesting_mode":"set","block":{"attributes":{"body":{"type":"string","description_kind":"plain","optional":true},"close":{"type":"bool","description_kind":"plain","optional":true},"status_code":{"type":"string","description_kind":"plain","optional":true}},"block_types":{"header":{"nesting_mode":"set","block":{"attributes":{"name":{"type":"string","description_kind":"plain","required":true},"values":{"type":["list","string"],"description_kind":"plain","required":true}},"description_kind":"plain"}}},"description_kind":"plain"},"max_items":1},"templates":{"nesting_mode":"set","block":{"attributes":{"delimiters":{"type":["list","string"],"description_kind":"plain","optional":true},"file_root":{"type":"string","description_kind":"plain","optional":true},"mime_types":{"type":["list","string"],"description_kind":"plain","optional":true}},"description_kind":"plain"},"max_items":1}},"description_kind":"plain"}},"match":{"nesting_mode":"list","block":{"attributes":{"host":{"type":["list","string"],"description_kind":"plain","optional":true},"method":{"type":["list","string"],"description_kind":"plain","optional":true},"path":{"type":["list","string"],"description_kind":"plain","optional":true}},"block_types":{"header":{"nesting_mode":"set","block":{"attributes":{"name":{"type":"string","description_kind":"plain","required":true},"values":{"type":["list","string"],"description_kind":"plain","required":true}},"description_kind":"plain"}},"not":{"nesting_mode":"list","block":{"attributes":{"host":{"type":["list","string"],"description_kind":"plain","optional":true},"method":{"type":["list","string"],"description_kind":"plain","optional":true},"path":{"type":["list","string"],"description_kind":"plain","optional":true}},"block_types":{"header":{"nesting_mode":"set","block":{"attributes":{"name":{"type":"string","description_kind":"plain","required":true},"values":{"type":["list","string"],"description_kind":"plain","required":true}},"description_kind":"plain"}},"query":{"nesting_mode":"set","block":{"attributes":{"name":{"type":"string","description_kind":"plain","required":true},"values":{"type":["list","string"],"description_kind":"plain","required":true}},"description_kind":"plain"}}},"description_kind":"plain"}},"query":{"nesting_mode":"set","block":{"attributes":{"name":{"type":"string","description_kind":"plain","required":true},"values":{"type":["list","string"],"description_kind":"plain","required":true}},"description_kind":"plain"}}},"description_kind":"plain"}}},"description_kind":"plain"}}},"description_kind":"plain"},"max_items":1},"templates":{"nesting_mode":"set","block":{"attributes":{"delimiters":{"type":["list","string"],"description_kind":"plain","optional":true},"file_root":{"type":"string","description_kind":"plain","optional":true},"mime_types":{"type":["list","string"],"description_kind":"plain","optional":true}},"description_kind":"plain"},"max_items":1}},"description_kind":"plain"}},"match":{"nesting_mode":"list","block":{"attributes":{"host":{"type":["list","string"],"description_kind":"plain","optional":true},"method":{"type":["list","string"],"description_kind":"plain","optional":true},"path":{"type":["list","string"],"description_kind":"plain","optional":true}},"block_types":{"header":{"nesting_mode":"set","block":{"attributes":{"name":{"type":"string","description_kind":"plain","required":true},"values":{"type":["list","string"],"description_kind":"plain","required":true}},"description_kind":"plain"}},"not":{"nesting_mode":"list","block":{"attributes":{"host":{"type":["list","string"],"description_kind":"plain","optional":true},"method":{"type":["list","string"],"description_kind":"plain","optional":true},"path":{"type":["list","string"],"description_kind":"plain","optional":true}},"block_types":{"header":{"nesting_mode":"set","block":{"attributes":{"name":{"type":"string","description_kind":"plain","required":true},"values":{"type":["list","string"],"description_kind":"plain","required":true}},"description_kind":"plain"}},"query":{"nesting_mode":"set","block":{"attributes":{"name":{"type":"string","description_kind":"plain","required":true},"values":{"type":["list","string"],"description_kind":"plain","required":true}},"description_kind":"plain"}}},"description_kind":"plain"}},"query":{"nesting_mode":"set","block":{"attributes":{"name":{"type":"string","description_kind":"plain","required":true},"values":{"type":["list","string"],"description_kind":"plain","required":true}},"description_kind":"plain"}}},"description_kind":"plain"}}},"description_kind":"plain"}},"route":{"nesting_mode":"list","block":{"attributes":{"group":{"type":"string","description_kind":"plain","optional":true},"terminal":{"type":"bool","description_kind":"plain","optional":true}},"block_types":{"handle":{"nesting_mode":"list","block":{"block_types":{"file_server":{"nesting_mode":"set","block":{"attributes":{"canonical_uris":{"type":"bool","description_kind":"plain","optional":true},"hide":{"type":["list","string"],"description_kind":"plain","optional":true},"index_names":{"type":["list","string"],"description_kind":"plain","optional":true},"pass_thru":{"type":"bool","description_kind":"plain","optional":true},"root":{"type":"string","description_kind":"plain","optional":true}},"description_kind":"plain"},"max_items":1},"request_body":{"nesting_mode":"set","block":{"attributes":{"max_size":{"type":"number","description_kind":"plain","required":true}},"description_kind":"plain"},"max_items":1},"reverse_proxy":{"nesting_mode":"set","block":{"block_types":{"upstream":{"nesting_mode":"list","block":{"attributes":{"dial":{"type":"string","description_kind":"plain","optional":true}},"description_kind":"plain"},"min_items":1}},"description_kind":"plain"},"max_items":1},"static_response":{"nesting_mode":"set","block":{"attributes":{"body":{"type":"string","description_kind":"plain","optional":true},"close":{"type":"bool","description_kind":"plain","optional":true},"status_code":{"type":"string","description_kind":"plain","optional":true}},"block_types":{"header":{"nesting_mode":"set","block":{"attributes":{"name":{"type":"string","description_kind":"plain","required":true},"values":{"type":["list","string"],"description_kind":"plain","required":true}},"description_kind":"plain"}}},"description_kind":"plain"},"max_items":1},"subroute":{"nesting_mode":"set","block":{"block_types":{"error":{"nesting_mode":"list","block":{"attributes":{"group":{"type":"string","description_kind":"plain","optional":true},"terminal":{"type":"bool","description_kind":"plain","optional":true}},"block_types":{"handle":{"nesting_mode":"list","block":{"block_types":{"file_server":{"nesting_mode":"set","block":{"attributes":{"canonical_uris":{"type":"bool","description_kind":"plain","optional":true},"hide":{"type":["list","string"],"description_kind":"plain","optional":true},"index_names":{"type":["list","string"],"description_kind":"plain","optional":true},"pass_thru":{"type":"bool","description_kind":"plain","optional":true},"root":{"type":"string","description_kind":"plain","optional":true}},"description_kind":"plain"},"max_items":1},"request_body":{"nesting_mode":"set","block":{"attributes":{"max_size":{"type":"number","description_kind":"plain","required":true}},"description_kind":"plain"},"max_items":1},"reverse_proxy":{"nesting_mode":"set","block":{"block_types":{"upstream":{"nesting_mode":"list","block":{"attributes":{"dial":{"type":"string","description_kind":"plain","optional":true}},"description_kind":"plain"},"min_items":1}},"description_kind":"plain"},"max_items":1},"static_response":{"nesting_mode":"set","block":{"attributes":{"body":{"type":"string","description_kind":"plain","optional":true},"close":{"type":"bool","description_kind":"plain","optional":true},"status_code":{"type":"string","description_kind":"plain","optional":true}},"block_types":{"header":{"nesting_mode":"set","block":{"attributes":{"name":{"type":"string","description_kind":"plain","required":true},"values":{"type":["list","string"],"description_kind":"plain","required":true}},"description_kind":"plain"}}},"description_kind":"plain"},"max_items":1},"templates":{"nesting_mode":"set","block":{"attributes":{"delimiters":{"type":["list","string"],"description_kind":"plain","optional":true},"file_root":{"type":"string","description_kind":"plain","optional":true},"mime_types":{"type":["list","string"],"description_kind":"plain","optional":true}},"description_kind":"plain"},"max_items":1}},"description_kind":"plain"}},"match":{"nesting_mode":"list","block":{"attributes":{"host":{"type":["list","string"],"description_kind":"plain","optional":true},"method":{"type":["list","string"],"description_kind":"plain","optional":true},"path":{"type":["list","string"],"description_kind":"plain","optional":true}},"block_types":{"header":{"nesting_mode":"set","block":{"attributes":{"name":{"type":"string","description_kind":"plain","required":true},"values":{"type":["list","string"],"description_kind":"plain","required":true}},"description_kind":"plain"}},"not":{"nesting_mode":"list","block":{"attributes":{"host":{"type":["list","string"],"description_kind":"plain","optional":true},"method":{"type":["list","string"],"description_kind":"plain","optional":true},"path":{"type":["list","string"],"description_kind":"plain","optional":true}},"block_types":{"header":{"nesting_mode":"set","block":{"attributes":{"name":{"type":"string","description_kind":"plain","required":true},"values":{"type":["list","string"],"description_kind":"plain","required":true}},"description_kind":"plain"}},"query":{"nesting_mode":"set","block":{"attributes":{"name":{"type":"string","description_kind":"plain","required":true},"values":{"type":["list","string"],"description_kind":"plain","required":true}},"description_kind":"plain"}}},"description_kind":"plain"}},"query":{"nesting_mode":"set","block":{"attributes":{"name":{"type":"string","description_kind":"plain","required":true},"values":{"type":["list","string"],"description_kind":"plain","required":true}},"description_kind":"plain"}}},"description_kind":"plain"}}},"description_kind":"plain"}},"route":{"nesting_mode":"list","block":{"attributes":{"group":{"type":"string","description_kind":"plain","optional":true},"terminal":{"type":"bool","description_kind":"plain","optional":true}},"block_types":{"handle":{"nesting_mode":"list","block":{"block_types":{"file_server":{"nesting_mode":"set","block":{"attributes":{"canonical_uris":{"type":"bool","description_kind":"plain","optional":true},"hide":{"type":["list","string"],"description_kind":"plain","optional":true},"index_names":{"type":["list","string"],"description_kind":"plain","optional":true},"pass_thru":{"type":"bool","description_kind":"plain","optional":true},"root":{"type":"string","description_kind":"plain","optional":true}},"description_kind":"plain"},"max_items":1},"request_body":{"nesting_mode":"set","block":{"attributes":{"max_size":{"type":"number","description_kind":"plain","required":true}},"description_kind":"plain"},"max_items":1},"reverse_proxy":{"nesting_mode":"set","block":{"block_types":{"upstream":{"nesting_mode":"list","block":{"attributes":{"dial":{"type":"string","description_kind":"plain","optional":true}},"description_kind":"plain"},"min_items":1}},"description_kind":"plain"},"max_items":1},"static_response":{"nesting_mode":"set","block":{"attributes":{"body":{"type":"string","description_kind":"plain","optional":true},"close":{"type":"bool","description_kind":"plain","optional":true},"status_code":{"type":"string","description_kind":"plain","optional":true}},"block_types":{"header":{"nesting_mode":"set","block":{"attributes":{"name":{"type":"string","description_kind":"plain","required":true},"values":{"type":["list","string"],"description_kind":"plain","required":true}},"description_kind":"plain"}}},"description_kind":"plain"},"max_items":1},"templates":{"nesting_mode":"set","block":{"attributes":{"delimiters":{"type":["list","string"],"description_kind":"plain","optional":true},"file_root":{"type":"string","description_kind":"plain","optional":true},"mime_types":{"type":["list","string"],"description_kind":"plain","optional":true}},"description_kind":"plain"},"max_items":1}},"description_kind":"plain"}},"match":{"nesting_mode":"list","block":{"attributes":{"host":{"type":["list","string"],"description_kind":"plain","optional":true},"method":{"type":["list","string"],"description_kind":"plain","optional":true},"path":{"type":["list","string"],"description_kind":"plain","optional":true}},"block_types":{"header":{"nesting_mode":"set","block":{"attributes":{"name":{"type":"string","description_kind":"plain","required":true},"values":{"type":["list","string"],"description_kind":"plain","required":true}},"description_kind":"plain"}},"not":{"nesting_mode":"list","block":{"attributes":{"host":{"type":["list","string"],"description_kind":"plain","optional":true},"method":{"type":["list","string"],"description_kind":"plain","optional":true},"path":{"type":["list","string"],"description_kind":"plain","optional":true}},"block_types":{"header":{"nesting_mode":"set","block":{"attributes":{"name":{"type":"string","description_kind":"plain","required":true},"values":{"type":["list","string"],"description_kind":"plain","required":true}},"description_kind":"plain"}},"query":{"nesting_mode":"set","block":{"attributes":{"name":{"type":"string","description_kind":"plain","required":true},"values":{"type":["list","string"],"description_kind":"plain","required":true}},"description_kind":"plain"}}},"description_kind":"plain"}},"query":{"nesting_mode":"set","block":{"attributes":{"name":{"type":"string","description_kind":"plain","required":true},"values":{"type":["list","string"],"description_kind":"plain","required":true}},"description_kind":"plain"}}},"description_kind":"plain"}}},"description_kind":"plain"}}},"description_kind":"plain"},"max_items":1},"templates":{"nesting_mode":"set","block":{"attributes":{"delimiters":{"type":["list","string"],"description_kind":"plain","optional":true},"file_root":{"type":"string","description_kind":"plain","optional":true},"mime_types":{"type":["list","string"],"description_kind":"plain","optional":true}},"description_kind":"plain"},"max_items":1}},"description_kind":"plain"}},"match":{"nesting_mode":"list","block":{"attributes":{"host":{"type":["list","string"],"description_kind":"plain","optional":true},"method":{"type":["list","string"],"description_kind":"plain","optional":true},"path":{"type":["list","string"],"description_kind":"plain","optional":true}},"block_types":{"header":{"nesting_mode":"set","block":{"attributes":{"name":{"type":"string","description_kind":"plain","required":true},"values":{"type":["list","string"],"description_kind":"plain","required":true}},"description_kind":"plain"}},"not":{"nesting_mode":"list","block":{"attributes":{"host":{"type":["list","string"],"description_kind":"plain","optional":true},"method":{"type":["list","string"],"description_kind":"plain","optional":true},"path":{"type":["list","string"],"description_kind":"plain","optional":true}},"block_types":{"header":{"nesting_mode":"set","block":{"attributes":{"name":{"type":"string","description_kind":"plain","required":true},"values":{"type":["list","string"],"description_kind":"plain","required":true}},"description_kind":"plain"}},"query":{"nesting_mode":"set","block":{"attributes":{"name":{"type":"string","description_kind":"plain","required":true},"values":{"type":["list","string"],"description_kind":"plain","required":true}},"description_kind":"plain"}}},"description_kind":"plain"}},"query":{"nesting_mode":"set","block":{"attributes":{"name":{"type":"string","description_kind":"plain","required":true},"values":{"type":["list","string"],"description_kind":"plain","required":true}},"description_kind":"plain"}}},"description_kind":"plain"}}},"description_kind":"plain"}}},"description_kind":"plain"},"max_items":1},"templates":{"nesting_mode":"set","block":{"attributes":{"delimiters":{"type":["list","string"],"description_kind":"plain","optional":true},"file_root":{"type":"string","description_kind":"plain","optional":true},"mime_types":{"type":["list","string"],"description_kind":"plain","optional":true}},"description_kind":"plain"},"max_items":1}},"description_kind":"plain"}},"match":{"nesting_mode":"list","block":{"attributes":{"host":{"type":["list","string"],"description_kind":"plain","optional":true},"method":{"type":["list","string"],"description_kind":"plain","optional":true},"path":{"type":["list","string"],"description_kind":"plain","optional":true}},"block_types":{"header":{"nesting_mode":"set","block":{"attributes":{"name":{"type":"string","description_kind":"plain","required":true},"values":{"type":["list","string"],"description_kind":"plain","required":true}},"description_kind":"plain"}},"not":{"nesting_mode":"list","block":{"attributes":{"host":{"type":["list","string"],"description_kind":"plain","optional":true},"method":{"type":["list","string"],"description_kind":"plain","optional":true},"path":{"type":["list","string"],"description_kind":"plain","optional":true}},"block_types":{"header":{"nesting_mode":"set","block":{"attributes":{"name":{"type":"string","description_kind":"plain","required":true},"values":{"type":["list","string"],"description_kind":"plain","required":true}},"description_kind":"plain"}},"query":{"nesting_mode":"set","block":{"attributes":{"name":{"type":"string","description_kind":"plain","required":true},"values":{"type":["list","string"],"description_kind":"plain","required":true}},"description_kind":"plain"}}},"description_kind":"plain"}},"query":{"nesting_mode":"set","block":{"attributes":{"name":{"type":"string","description_kind":"plain","required":true},"values":{"type":["list","string"],"description_kind":"plain","required":true}},"description_kind":"plain"}}},"description_kind":"plain"}}},"description_kind":"plain"}},"route":{"nesting_mode":"list","block":{"attributes":{"group":{"type":"string","description_kind":"plain","optional":true},"terminal":{"type":"bool","description_kind":"plain","optional":true}},"block_types":{"handle":{"nesting_mode":"list","block":{"block_types":{"file_server":{"nesting_mode":"set","block":{"attributes":{"canonical_uris":{"type":"bool","description_kind":"plain","optional":true},"hide":{"type":["list","string"],"description_kind":"plain","optional":true},"index_names":{"type":["list","string"],"description_kind":"plain","optional":true},"pass_thru":{"type":"bool","description_kind":"plain","optional":true},"root":{"type":"string","description_kind":"plain","optional":true}},"description_kind":"plain"},"max_items":1},"request_body":{"nesting_mode":"set","block":{"attributes":{"max_size":{"type":"number","description_kind":"plain","required":true}},"description_kind":"plain"},"max_items":1},"reverse_proxy":{"nesting_mode":"set","block":{"block_types":{"upstream":{"nesting_mode":"list","block":{"attributes":{"dial":{"type":"string","description_kind":"plain","optional":true}},"description_kind":"plain"},"min_items":1}},"description_kind":"plain"},"max_items":1},"static_response":{"nesting_mode":"set","block":{"attributes":{"body":{"type":"string","description_kind":"plain","optional":true},"close":{"type":"bool","description_kind":"plain","optional":true},"status_code":{"type":"string","description_kind":"plain","optional":true}},"block_types":{"header":{"nesting_mode":"set","block":{"attributes":{"name":{"type":"string","description_kind":"plain","required":true},"values":{"type":["list","string"],"description_kind":"plain","required":true}},"description_kind":"plain"}}},"description_kind":"plain"},"max_items":1},"subroute":{"nesting_mode":"set","block":{"block_types":{"error":{"nesting_mode":"list","block":{"attributes":{"group":{"type":"string","description_kind":"plain","optional":true},"terminal":{"type":"bool","description_kind":"plain","optional":true}},"block_types":{"handle":{"nesting_mode":"list","block":{"block_types":{"file_server":{"nesting_mode":"set","block":{"attributes":{"canonical_uris":{"type":"bool","description_kind":"plain","optional":true},"hide":{"type":["list","string"],"description_kind":"plain","optional":true},"index_names":{"type":["list","string"],"description_kind":"plain","optional":true},"pass_thru":{"type":"bool","description_kind":"plain","optional":true},"root":{"type":"string","description_kind":"plain","optional":true}},"description_kind":"plain"},"max_items":1},"request_body":{"nesting_mode":"set","block":{"attributes":{"max_size":{"type":"number","description_kind":"plain","required":true}},"description_kind":"plain"},"max_items":1},"reverse_proxy":{"nesting_mode":"set","block":{"block_types":{"upstream":{"nesting_mode":"list","block":{"attributes":{"dial":{"type":"string","description_kind":"plain","optional":true}},"description_kind":"plain"},"min_items":1}},"description_kind":"plain"},"max_items":1},"static_response":{"nesting_mode":"set","block":{"attributes":{"body":{"type":"string","description_kind":"plain","optional":true},"close":{"type":"bool","description_kind":"plain","optional":true},"status_code":{"type":"string","description_kind":"plain","optional":true}},"block_types":{"header":{"nesting_mode":"set","block":{"attributes":{"name":{"type":"string","description_kind":"plain","required":true},"values":{"type":["list","string"],"description_kind":"plain","required":true}},"description_kind":"plain"}}},"description_kind":"plain"},"max_items":1},"subroute":{"nesting_mode":"set","block":{"block_types":{"error":{"nesting_mode":"list","block":{"attributes":{"group":{"type":"string","description_kind":"plain","optional":true},"terminal":{"type":"bool","description_kind":"plain","optional":true}},"block_types":{"handle":{"nesting_mode":"list","block":{"block_types":{"file_server":{"nesting_mode":"set","block":{"attributes":{"canonical_uris":{"type":"bool","description_kind":"plain","optional":true},"hide":{"type":["list","string"],"description_kind":"plain","optional":true},"index_names":{"type":["list","string"],"description_kind":"plain","optional":true},"pass_thru":{"type":"bool","description_kind":"plain","optional":true},"root":{"type":"string","description_kind":"plain","optional":true}},"description_kind":"plain"},"max_items":1},"request_body":{"nesting_mode":"set","block":{"attributes":{"max_size":{"type":"number","description_kind":"plain","required":true}},"description_kind":"plain"},"max_items":1},"reverse_proxy":{"nesting_mode":"set","block":{"block_types":{"upstream":{"nesting_mode":"list","block":{"attributes":{"dial":{"type":"string","description_kind":"plain","optional":true}},"description_kind":"plain"},"min_items":1}},"description_kind":"plain"},"max_items":1},"static_response":{"nesting_mode":"set","block":{"attributes":{"body":{"type":"string","description_kind":"plain","optional":true},"close":{"type":"bool","description_kind":"plain","optional":true},"status_code":{"type":"string","description_kind":"plain","optional":true}},"block_types":{"header":{"nesting_mode":"set","block":{"attributes":{"name":{"type":"string","description_kind":"plain","required":true},"values":{"type":["list","string"],"description_kind":"plain","required":true}},"description_kind":"plain"}}},"description_kind":"plain"},"max_items":1},"templates":{"nesting_mode":"set","block":{"attributes":{"delimiters":{"type":["list","string"],"description_kind":"plain","optional":true},"file_root":{"type":"string","description_kind":"plain","optional":true},"mime_types":{"type":["list","string"],"description_kind":"plain","optional":true}},"description_kind":"plain"},"max_items":1}},"description_kind":"plain"}},"match":{"nesting_mode":"list","block":{"attributes":{"host":{"type":["list","string"],"description_kind":"plain","optional":true},"method":{"type":["list","string"],"description_kind":"plain","optional":true},"path":{"type":["list","string"],"description_kind":"plain","optional":true}},"block_types":{"header":{"nesting_mode":"set","block":{"attributes":{"name":{"type":"string","description_kind":"plain","required":true},"values":{"type":["list","string"],"description_kind":"plain","required":true}},"description_kind":"plain"}},"not":{"nesting_mode":"list","block":{"attributes":{"host":{"type":["list","string"],"description_kind":"plain","optional":true},"method":{"type":["list","string"],"description_kind":"plain","optional":true},"path":{"type":["list","string"],"description_kind":"plain","optional":true}},"block_types":{"header":{"nesting_mode":"set","block":{"attributes":{"name":{"type":"string","description_kind":"plain","required":true},"values":{"type":["list","string"],"description_kind":"plain","required":true}},"description_kind":"plain"}},"query":{"nesting_mode":"set","block":{"attributes":{"name":{"type":"string","description_kind":"plain","required":true},"values":{"type":["list","string"],"description_kind":"plain","required":true}},"description_kind":"plain"}}},"description_kind":"plain"}},"query":{"nesting_mode":"set","block":{"attributes":{"name":{"type":"string","description_kind":"plain","required":true},"values":{"type":["list","string"],"description_kind":"plain","required":true}},"description_kind":"plain"}}},"description_kind":"plain"}}},"description_kind":"plain"}},"route":{"nesting_mode":"list","block":{"attributes":{"group":{"type":"string","description_kind":"plain","optional":true},"terminal":{"type":"bool","description_kind":"plain","optional":true}},"block_types":{"handle":{"nesting_mode":"list","block":{"block_types":{"file_server":{"nesting_mode":"set","block":{"attributes":{"canonical_uris":{"type":"bool","description_kind":"plain","optional":true},"hide":{"type":["list","string"],"description_kind":"plain","optional":true},"index_names":{"type":["list","string"],"description_kind":"plain","optional":true},"pass_thru":{"type":"bool","description_kind":"plain","optional":true},"root":{"type":"string","description_kind":"plain","optional":true}},"description_kind":"plain"},"max_items":1},"request_body":{"nesting_mode":"set","block":{"attributes":{"max_size":{"type":"number","description_kind":"plain","required":true}},"description_kind":"plain"},"max_items":1},"reverse_proxy":{"nesting_mode":"set","block":{"block_types":{"upstream":{"nesting_mode":"list","block":{"attributes":{"dial":{"type":"string","description_kind":"plain","optional":true}},"description_kind":"plain"},"min_items":1}},"description_kind":"plain"},"max_items":1},"static_response":{"nesting_mode":"set","block":{"attributes":{"body":{"type":"string","description_kind":"plain","optional":true},"close":{"type":"bool","description_kind":"plain","optional":true},"status_code":{"type":"string","description_kind":"plain","optional":true}},"block_types":{"header":{"nesting_mode":"set","block":{"attributes":{"name":{"type":"string","description_kind":"plain","required":true},"values":{"type":["list","string"],"description_kind":"plain","required":true}},"description_kind":"plain"}}},"description_kind":"plain"},"max_items":1},"templates":{"nesting_mode":"set","block":{"attributes":{"delimiters":{"type":["list","string"],"description_kind":"plain","optional":true},"file_root":{"type":"string","description_kind":"plain","optional":true},"mime_types":{"type":["list","string"],"description_kind":"plain","optional":true}},"description_kind":"plain"},"max_items":1}},"description_kind":"plain"}},"match":{"nesting_mode":"list","block":{"attributes":{"host":{"type":["list","string"],"description_kind":"plain","optional":true},"method":{"type":["list","string"],"description_kind":"plain","optional":true},"path":{"type":["list","string"],"description_kind":"plain","optional":true}},"block_types":{"header":{"nesting_mode":"set","block":{"attributes":{"name":{"type":"string","description_kind":"plain","required":true},"values":{"type":["list","string"],"description_kind":"plain","required":true}},"description_kind":"plain"}},"not":{"nesting_mode":"list","block":{"attributes":{"host":{"type":["list","string"],"description_kind":"plain","optional":true},"method":{"type":["list","string"],"description_kind":"plain","optional":true},"path":{"type":["list","string"],"description_kind":"plain","optional":true}},"block_types":{"header":{"nesting_mode":"set","block":{"attributes":{"name":{"type":"string","description_kind":"plain","required":true},"values":{"type":["list","string"],"description_kind":"plain","required":true}},"description_kind":"plain"}},"query":{"nesting_mode":"set","block":{"attributes":{"name":{"type":"string","description_kind":"plain","required":true},"values":{"type":["list","string"],"description_kind":"plain","required":true}},"description_kind":"plain"}}},"description_kind":"plain"}},"query":{"nesting_mode":"set","block":{"attributes":{"name":{"type":"string","description_kind":"plain","required":true},"values":{"type":["list","string"],"description_kind":"plain","required":true}},"description_kind":"plain"}}},"description_kind":"plain"}}},"description_kind":"plain"}}},"description_kind":"plain"},"max_items":1},"templates":{"nesting_mode":"set","block":{"attributes":{"delimiters":{"type":["list","string"],"description_kind":"plain","optional":true},"file_root":{"type":"string","description_kind":"plain","optional":true},"mime_types":{"type":["list","string"],"description_kind":"plain","optional":true}},"description_kind":"plain"},"max_items":1}},"description_kind":"plain"}},"match":{"nesting_mode":"list","block":{"attributes":{"host":{"type":["list","string"],"description_kind":"plain","optional":true},"method":{"type":["list","string"],"description_kind":"plain","optional":true},"path":{"type":["list","string"],"description_kind":"plain","optional":true}},"block_types":{"header":{"nesting_mode":"set","block":{"attributes":{"name":{"type":"string","description_kind":"plain","required":true},"values":{"type":["list","string"],"description_kind":"plain","required":true}},"description_kind":"plain"}},"not":{"nesting_mode":"list","block":{"attributes":{"host":{"type":["list","string"],"description_kind":"plain","optional":true},"method":{"type":["list","string"],"description_kind":"plain","optional":true},"path":{"type":["list","string"],"description_kind":"plain","optional":true}},"block_types":{"header":{"nesting_mode":"set","block":{"attributes":{"name":{"type":"string","description_kind":"plain","required":true},"values":{"type":["list","string"],"description_kind":"plain","required":true}},"description_kind":"plain"}},"query":{"nesting_mode":"set","block":{"attributes":{"name":{"type":"string","description_kind":"plain","required":true},"values":{"type":["list","string"],"description_kind":"plain","required":true}},"description_kind":"plain"}}},"description_kind":"plain"}},"query":{"nesting_mode":"set","block":{"attributes":{"name":{"type":"string","description_kind":"plain","required":true},"values":{"type":["list","string"],"description_kind":"plain","required":true}},"description_kind":"plain"}}},"description_kind":"plain"}}},"description_kind":"plain"}},"route":{"nesting_mode":"list","block":{"attributes":{"group":{"type":"string","description_kind":"plain","optional":true},"terminal":{"type":"bool","description_kind":"plain","optional":true}},"block_types":{"handle":{"nesting_mode":"list","block":{"block_types":{"file_server":{"nesting_mode":"set","block":{"attributes":{"canonical_uris":{"type":"bool","description_kind":"plain","optional":true},"hide":{"type":["list","string"],"description_kind":"plain","optional":true},"index_names":{"type":["list","string"],"description_kind":"plain","optional":true},"pass_thru":{"type":"bool","description_kind":"plain","optional":true},"root":{"type":"string","description_kind":"plain","optional":true}},"description_kind":"plain"},"max_items":1},"request_body":{"nesting_mode":"set","block":{"attributes":{"max_size":{"type":"number","description_kind":"plain","required":true}},"description_kind":"plain"},"max_items":1},"reverse_proxy":{"nesting_mode":"set","block":{"block_types":{"upstream":{"nesting_mode":"list","block":{"attributes":{"dial":{"type":"string","description_kind":"plain","optional":true}},"description_kind":"plain"},"min_items":1}},"description_kind":"plain"},"max_items":1},"static_response":{"nesting_mode":"set","block":{"attributes":{"body":{"type":"string","description_kind":"plain","optional":true},"close":{"type":"bool","description_kind":"plain","optional":true},"status_code":{"type":"string","description_kind":"plain","optional":true}},"block_types":{"header":{"nesting_mode":"set","block":{"attributes":{"name":{"type":"string","description_kind":"plain","required":true},"values":{"type":["list","string"],"description_kind":"plain","required":true}},"description_kind":"plain"}}},"description_kind":"plain"},"max_items":1},"subroute":{"nesting_mode":"set","block":{"block_types":{"error":{"nesting_mode":"list","block":{"attributes":{"group":{"type":"string","description_kind":"plain","optional":true},"terminal":{"type":"bool","description_kind":"plain","optional":true}},"block_types":{"handle":{"nesting_mode":"list","block":{"block_types":{"file_server":{"nesting_mode":"set","block":{"attributes":{"canonical_uris":{"type":"bool","description_kind":"plain","optional":true},"hide":{"type":["list","string"],"description_kind":"plain","optional":true},"index_names":{"type":["list","string"],"description_kind":"plain","optional":true},"pass_thru":{"type":"bool","description_kind":"plain","optional":true},"root":{"type":"string","description_kind":"plain","optional":true}},"description_kind":"plain"},"max_items":1},"request_body":{"nesting_mode":"set","block":{"attributes":{"max_size":{"type":"number","description_kind":"plain","required":true}},"description_kind":"plain"},"max_items":1},"reverse_proxy":{"nesting_mode":"set","block":{"block_types":{"upstream":{"nesting_mode":"list","block":{"attributes":{"dial":{"type":"string","description_kind":"plain","optional":true}},"description_kind":"plain"},"min_items":1}},"description_kind":"plain"},"max_items":1},"static_response":{"nesting_mode":"set","block":{"attributes":{"body":{"type":"string","description_kind":"plain","optional":true},"close":{"type":"bool","description_kind":"plain","optional":true},"status_code":{"type":"string","description_kind":"plain","optional":true}},"block_types":{"header":{"nesting_mode":"set","block":{"attributes":{"name":{"type":"string","description_kind":"plain","required":true},"values":{"type":["list","string"],"description_kind":"plain","required":true}},"description_kind":"plain"}}},"description_kind":"plain"},"max_items":1},"templates":{"nesting_mode":"set","block":{"attributes":{"delimiters":{"type":["list","string"],"description_kind":"plain","optional":true},"file_root":{"type":"string","description_kind":"plain","optional":true},"mime_types":{"type":["list","string"],"description_kind":"plain","optional":true}},"description_kind":"plain"},"max_items":1}},"description_kind":"plain"}},"match":{"nesting_mode":"list","block":{"attributes":{"host":{"type":["list","string"],"description_kind":"plain","optional":true},"method":{"type":["list","string"],"description_kind":"plain","optional":true},"path":{"type":["list","string"],"description_kind":"plain","optional":true}},"block_types":{"header":{"nesting_mode":"set","block":{"attributes":{"name":{"type":"string","description_kind":"plain","required":true},"values":{"type":["list","string"],"description_kind":"plain","required":true}},"description_kind":"plain"}},"not":{"nesting_mode":"list","block":{"attributes":{"host":{"type":["list","string"],"description_kind":"plain","optional":true},"method":{"type":["list","string"],"description_kind":"plain","optional":true},"path":{"type":["list","string"],"description_kind":"plain","optional":true}},"block_types":{"header":{"nesting_mode":"set","block":{"attributes":{"name":{"type":"string","description_kind":"plain","required":true},"values":{"type":["list","string"],"description_kind":"plain","required":true}},"description_kind":"plain"}},"query":{"nesting_mode":"set","block":{"attributes":{"name":{"type":"string","description_kind":"plain","required":true},"values":{"type":["list","string"],"description_kind":"plain","required":true}},"description_kind":"plain"}}},"description_kind":"plain"}},"query":{"nesting_mode":"set","block":{"attributes":{"name":{"type":"string","description_kind":"plain","required":true},"values":{"type":["list","string"],"description_kind":"plain","required":true}},"description_kind":"plain"}}},"description_kind":"plain"}}},"description_kind":"plain"}},"route":{"nesting_mode":"list","block":{"attributes":{"group":{"type":"string","description_kind":"plain","optional":true},"terminal":{"type":"bool","description_kind":"plain","optional":true}},"block_types":{"handle":{"nesting_mode":"list","block":{"block_types":{"file_server":{"nesting_mode":"set","block":{"attributes":{"canonical_uris":{"type":"bool","description_kind":"plain","optional":true},"hide":{"type":["list","string"],"description_kind":"plain","optional":true},"index_names":{"type":["list","string"],"description_kind":"plain","optional":true},"pass_thru":{"type":"bool","description_kind":"plain","optional":true},"root":{"type":"string","description_kind":"plain","optional":true}},"description_kind":"plain"},"max_items":1},"request_body":{"nesting_mode":"set","block":{"attributes":{"max_size":{"type":"number","description_kind":"plain","required":true}},"description_kind":"plain"},"max_items":1},"reverse_proxy":{"nesting_mode":"set","block":{"block_types":{"upstream":{"nesting_mode":"list","block":{"attributes":{"dial":{"type":"string","description_kind":"plain","optional":true}},"description_kind":"plain"},"min_items":1}},"description_kind":"plain"},"max_items":1},"static_response":{"nesting_mode":"set","block":{"attributes":{"body":{"type":"string","description_kind":"plain","optional":true},"close":{"type":"bool","description_kind":"plain","optional":true},"status_code":{"type":"string","description_kind":"plain","optional":true}},"block_types":{"header":{"nesting_mode":"set","block":{"attributes":{"name":{"type":"string","description_kind":"plain","required":true},"values":{"type":["list","string"],"description_kind":"plain","required":true}},"description_kind":"plain"}}},"description_kind":"plain"},"max_items":1},"templates":{"nesting_mode":"set","block":{"attributes":{"delimiters":{"type":["list","string"],"description_kind":"plain","optional":true},"file_root":{"type":"string","description_kind":"plain","optional":true},"mime_types":{"type":["list","string"],"description_kind":"plain","optional":true}},"description_kind":"plain"},"max_items":1}},"description_kind":"plain"}},"match":{"nesting_mode":"list","block":{"attributes":{"host":{"type":["list","string"],"description_kind":"plain","optional":true},"method":{"type":["list","string"],"description_kind":"plain","optional":true},"path":{"type":["list","string"],"description_kind":"plain","optional":true}},"block_types":{"header":{"nesting_mode":"set","block":{"attributes":{"name":{"type":"string","description_kind":"plain","required":true},"values":{"type":["list","string"],"description_kind":"plain","required":true}},"description_kind":"plain"}},"not":{"nesting_mode":"list","block":{"attributes":{"host":{"type":["list","string"],"description_kind":"plain","optional":true},"method":{"type":["list","string"],"description_kind":"plain","optional":true},"path":{"type":["list","string"],"description_kind":"plain","optional":true}},"block_types":{"header":{"nesting_mode":"set","block":{"attributes":{"name":{"type":"string","description_kind":"plain","required":true},"values":{"type":["list","string"],"description_kind":"plain","required":true}},"description_kind":"plain"}},"query":{"nesting_mode":"set","block":{"attributes":{"name":{"type":"string","description_kind":"plain","required":true},"values":{"type":["list","string"],"description_kind":"plain","required":true}},"description_kind":"plain"}}},"description_kind":"plain"}},"query":{"nesting_mode":"set","block":{"attributes":{"name":{"type":"string","description_kind":"plain","required":true},"values":{"type":["list","string"],"description_kind":"plain","required":true}},"description_kind":"plain"}}},"description_kind":"plain"}}},"description_kind":"plain"}}},"description_kind":"plain"},"max_items":1},"templates":{"nesting_mode":"set","block":{"attributes":{"delimiters":{"type":["list","string"],"description_kind":"plain","optional":true},"file_root":{"type":"string","description_kind":"plain","optional":true},"mime_types":{"type":["list","string"],"description_kind":"plain","optional":true}},"description_kind":"plain"},"max_items":1}},"description_kind":"plain"}},"match":{"nesting_mode":"list","block":{"attributes":{"host":{"type":["list","string"],"description_kind":"plain","optional":true},"method":{"type":["list","string"],"description_kind":"plain","optional":true},"path":{"type":["list","string"],"description_kind":"plain","optional":true}},"block_types":{"header":{"nesting_mode":"set","block":{"attributes":{"name":{"type":"string","description_kind":"plain","required":true},"values":{"type":["list","string"],"description_kind":"plain","required":true}},"description_kind":"plain"}},"not":{"nesting_mode":"list","block":{"attributes":{"host":{"type":["list","string"],"description_kind":"plain","optional":true},"method":{"type":["list","string"],"description_kind":"plain","optional":true},"path":{"type":["list","string"],"description_kind":"plain","optional":true}},"block_types":{"header":{"nesting_mode":"set","block":{"attributes":{"name":{"type":"string","description_kind":"plain","required":true},"values":{"type":["list","string"],"description_kind":"plain","required":true}},"description_kind":"plain"}},"query":{"nesting_mode":"set","block":{"attributes":{"name":{"type":"string","description_kind":"plain","required":true},"values":{"type":["list","string"],"description_kind":"plain","required":true}},"description_kind":"plain"}}},"description_kind":"plain"}},"query":{"nesting_mode":"set","block":{"attributes":{"name":{"type":"string","description_kind":"plain","required":true},"values":{"type":["list","string"],"description_kind":"plain","required":true}},"description_kind":"plain"}}},"description_kind":"plain"}}},"description_kind":"plain"}}},"description_kind":"plain"},"max_items":1},"templates":{"nesting_mode":"set","block":{"attributes":{"delimiters":{"type":["list","string"],"description_kind":"plain","optional":true},"file_root":{"type":"string","description_kind":"plain","optional":true},"mime_types":{"type":["list","string"],"description_kind":"plain","optional":true}},"description_kind":"plain"},"max_items":1}},"description_kind":"plain"}},"match":{"nesting_mode":"list","block":{"attributes":{"host":{"type":["list","string"],"description_kind":"plain","optional":true},"method":{"type":["list","string"],"description_kind":"plain","optional":true},"path":{"type":["list","string"],"description_kind":"plain","optional":true}},"block_types":{"header":{"nesting_mode":"set","block":{"attributes":{"name":{"type":"string","description_kind":"plain","required":true},"values":{"type":["list","string"],"description_kind":"plain","required":true}},"description_kind":"plain"}},"not":{"nesting_mode":"list","block":{"attributes":{"host":{"type":["list","string"],"description_kind":"plain","optional":true},"method":{"type":["list","string"],"description_kind":"plain","optional":true},"path":{"type":["list","string"],"description_kind":"plain","optional":true}},"block_types":{"header":{"nesting_mode":"set","block":{"attributes":{"name":{"type":"string","description_kind":"plain","required":true},"values":{"type":["list","string"],"description_kind":"plain","required":true}},"description_kind":"plain"}},"query":{"nesting_mode":"set","block":{"attributes":{"name":{"type":"string","description_kind":"plain","required":true},"values":{"type":["list","string"],"description_kind":"plain","required":true}},"description_kind":"plain"}}},"description_kind":"plain"}},"query":{"nesting_mode":"set","block":{"attributes":{"name":{"type":"string","description_kind":"plain","required":true},"values":{"type":["list","string"],"description_kind":"plain","required":true}},"description_kind":"plain"}}},"description_kind":"plain"}}},"description_kind":"plain"}}},"description_kind":"plain"},"max_items":1},"templates":{"nesting_mode":"set","block":{"attributes":{"delimiters":{"type":["list","string"],"description_kind":"plain","optional":true},"file_root":{"type":"string","description_kind":"plain","optional":true},"mime_types":{"type":["list","string"],"description_kind":"plain","optional":true}},"description_kind":"plain"},"max_items":1}},"description_kind":"plain"}},"match":{"nesting_mode":"list","block":{"attributes":{"host":{"type":["list","string"],"description_kind":"plain","optional":true},"method":{"type":["list","string"],"description_kind":"plain","optional":true},"path":{"type":["list","string"],"description_kind":"plain","optional":true}},"block_types":{"header":{"nesting_mode":"set","block":{"attributes":{"name":{"type":"string","description_kind":"plain","required":true},"values":{"type":["list","string"],"description_kind":"plain","required":true}},"description_kind":"plain"}},"not":{"nesting_mode":"list","block":{"attributes":{"host":{"type":["list","string"],"description_kind":"plain","optional":true},"method":{"type":["list","string"],"description_kind":"plain","optional":true},"path":{"type":["list","string"],"description_kind":"plain","optional":true}},"block_types":{"header":{"nesting_mode":"set","block":{"attributes":{"name":{"type":"string","description_kind":"plain","required":true},"values":{"type":["list","string"],"description_kind":"plain","required":true}},"description_kind":"plain"}},"query":{"nesting_mode":"set","block":{"attributes":{"name":{"type":"string","description_kind":"plain","required":true},"values":{"type":["list","string"],"description_kind":"plain","required":true}},"description_kind":"plain"}}},"description_kind":"plain"}},"query":{"nesting_mode":"set","block":{"attributes":{"name":{"type":"string","description_kind":"plain","required":true},"values":{"type":["list","string"],"description_kind":"plain","required":true}},"description_kind":"plain"}}},"description_kind":"plain"}}},"description_kind":"plain"}}},"description_kind":"plain"},"max_items":1},"templates":{"nesting_mode":"set","block":{"attributes":{"delimiters":{"type":["list","string"],"description_kind":"plain","optional":true},"file_root":{"type":"string","description_kind":"plain","optional":true},"mime_types":{"type":["list","string"],"description_kind":"plain","optional":true}},"description_kind":"plain"},"max_items":1}},"description_kind":"plain"}},"match":{"nesting_mode":"list","block":{"attributes":{"host":{"type":["list","string"],"description_kind":"plain","optional":true},"method":{"type":["list","string"],"description_kind":"plain","optional":true},"path":{"type":["list","string"],"description_kind":"plain","optional":true}},"block_types":{"header":{"nesting_mode":"set","block":{"attributes":{"name":{"type":"string","description_kind":"plain","required":true},"values":{"type":["list","string"],"description_kind":"plain","required":true}},"description_kind":"plain"}},"not":{"nesting_mode":"list","block":{"attributes":{"host":{"type":["list","string"],"description_kind":"plain","optional":true},"method":{"type":["list","string"],"description_kind":"plain","optional":true},"path":{"type":["list","string"],"description_kind":"plain","optional":true}},"block_types":{"header":{"nesting_mode":"set","block":{"attributes":{"name":{"type":"string","description_kind":"plain","required":true},"values":{"type":["list","string"],"description_kind":"plain","required":true}},"description_kind":"plain"}},"query":{"nesting_mode":"set","block":{"attributes":{"name":{"type":"string","description_kind":"plain","required":true},"values":{"type":["list","string"],"description_kind":"plain","required":true}},"description_kind":"plain"}}},"description_kind":"plain"}},"query":{"nesting_mode":"set","block":{"attributes":{"name":{"type":"string","description_kind":"plain","required":true},"values":{"type":["list","string"],"description_kind":"plain","required":true}},"description_kind":"plain"}}},"description_kind":"plain"}}},"description_kind":"plain"}},"route":{"nesting_mode":"list","block":{"attributes":{"group":{"type":"string","description_kind":"plain","optional":true},"terminal":{"type":"bool","description_kind":"plain","optional":true}},"block_types":{"handle":{"nesting_mode":"list","block":{"block_types":{"file_server":{"nesting_mode":"set","block":{"attributes":{"canonical_uris":{"type":"bool","description_kind":"plain","optional":true},"hide":{"type":["list","string"],"description_kind":"plain","optional":true},"index_names":{"type":["list","string"],"description_kind":"plain","optional":true},"pass_thru":{"type":"bool","description_kind":"plain","optional":true},"root":{"type":"string","description_kind":"plain","optional":true}},"description_kind":"plain"},"max_items":1},"request_body":{"nesting_mode":"set","block":{"attributes":{"max_size":{"type":"number","description_kind":"plain","required":true}},"description_kind":"plain"},"max_items":1},"reverse_proxy":{"nesting_mode":"set","block":{"block_types":{"upstream":{"nesting_mode":"list","block":{"attributes":{"dial":{"type":"string","description_kind":"plain","optional":true}},"description_kind":"plain"},"min_items":1}},"description_kind":"plain"},"max_items":1},"static_response":{"nesting_mode":"set","block":{"attributes":{"body":{"type":"string","description_kind":"plain","optional":true},"close":{"type":"bool","description_kind":"plain","optional":true},"status_code":{"type":"string","description_kind":"plain","optional":true}},"block_types":{"header":{"nesting_mode":"set","block":{"attributes":{"name":{"type":"string","description_kind":"plain","required":true},"values":{"type":["list","string"],"description_kind":"plain","required":true}},"description_kind":"plain"}}},"description_kind":"plain"},"max_items":1},"subroute":{"nesting_mode":"set","block":{"block_types":{"error":{"nesting_mode":"list","block":{"attributes":{"group":{"type":"string","description_kind":"plain","optional":true},"terminal":{"type":"bool","description_kind":"plain","optional":true}},"block_types":{"handle":{"nesting_mode":"list","block":{"block_types":{"file_server":{"nesting_mode":"set","block":{"attributes":{"canonical_uris":{"type":"bool","description_kind":"plain","optional":true},"hide":{"type":["list","string"],"description_kind":"plain","optional":true},"index_names":{"type":["list","string"],"description_kind":"plain","optional":true},"pass_thru":{"type":"bool","description_kind":"plain","optional":true},"root":{"type":"string","description_kind":"plain","optional":true}},"description_kind":"plain"},"max_items":1},"request_body":{"nesting_mode":"set","block":{"attributes":{"max_size":{"type":"number","description_kind":"plain","required":true}},"description_kind":"plain"},"max_items":1},"reverse_proxy":{"nesting_mode":"set","block":{"block_types":{"upstream":{"nesting_mode":"list","block":{"attributes":{"dial":{"type":"string","description_kind":"plain","optional":true}},"description_kind":"plain"},"min_items":1}},"description_kind":"plain"},"max_items":1},"static_response":{"nesting_mode":"set","block":{"attributes":{"body":{"type":"string","description_kind":"plain","optional":true},"close":{"type":"bool","description_kind":"plain","optional":true},"status_code":{"type":"string","description_kind":"plain","optional":true}},"block_types":{"header":{"nesting_mode":"set","block":{"attributes":{"name":{"type":"string","description_kind":"plain","required":true},"values":{"type":["list","string"],"description_kind":"plain","required":true}},"description_kind":"plain"}}},"description_kind":"plain"},"max_items":1},"subroute":{"nesting_mode":"set","block":{"block_types":{"error":{"nesting_mode":"list","block":{"attributes":{"group":{"type":"string","description_kind":"plain","optional":true},"terminal":{"type":"bool","description_kind":"plain","optional":true}},"block_types":{"handle":{"nesting_mode":"list","block":{"block_types":{"file_server":{"nesting_mode":"set","block":{"attributes":{"canonical_uris":{"type":"bool","description_kind":"plain","optional":true},"hide":{"type":["list","string"],"description_kind":"plain","optional":true},"index_names":{"type":["list","string"],"description_kind":"plain","optional":true},"pass_thru":{"type":"bool","description_kind":"plain","optional":true},"root":{"type":"string","description_kind":"plain","optional":true}},"description_kind":"plain"},"max_items":1},"request_body":{"nesting_mode":"set","block":{"attributes":{"max_size":{"type":"number","description_kind":"plain","required":true}},"description_kind":"plain"},"max_items":1},"reverse_proxy":{"nesting_mode":"set","block":{"block_types":{"upstream":{"nesting_mode":"list","block":{"attributes":{"dial":{"type":"string","description_kind":"plain","optional":true}},"description_kind":"plain"},"min_items":1}},"description_kind":"plain"},"max_items":1},"static_response":{"nesting_mode":"set","block":{"attributes":{"body":{"type":"string","description_kind":"plain","optional":true},"close":{"type":"bool","description_kind":"plain","optional":true},"status_code":{"type":"string","description_kind":"plain","optional":true}},"block_types":{"header":{"nesting_mode":"set","block":{"attributes":{"name":{"type":"string","description_kind":"plain","required":true},"values":{"type":["list","string"],"description_kind":"plain","required":true}},"description_kind":"plain"}}},"description_kind":"plain"},"max_items":1},"subroute":{"nesting_mode":"set","block":{"block_types":{"error":{"nesting_mode":"list","block":{"attributes":{"group":{"type":"string","description_kind":"plain","optional":true},"terminal":{"type":"bool","description_kind":"plain","optional":true}},"block_types":{"handle":{"nesting_mode":"list","block":{"block_types":{"file_server":{"nesting_mode":"set","block":{"attributes":{"canonical_uris":{"type":"bool","description_kind":"plain","optional":true},"hide":{"type":["list","string"],"description_kind":"plain","optional":true},"index_names":{"type":["list","string"],"description_kind":"plain","optional":true},"pass_thru":{"type":"bool","description_kind":"plain","optional":true},"root":{"type":"string","description_kind":"plain","optional":true}},"description_kind":"plain"},"max_items":1},"request_body":{"nesting_mode":"set","block":{"attributes":{"max_size":{"type":"number","description_kind":"plain","required":true}},"description_kind":"plain"},"max_items":1},"reverse_proxy":{"nesting_mode":"set","block":{"block_types":{"upstream":{"nesting_mode":"list","block":{"attributes":{"dial":{"type":"string","description_kind":"plain","optional":true}},"description_kind":"plain"},"min_items":1}},"description_kind":"plain"},"max_items":1},"static_response":{"nesting_mode":"set","block":{"attributes":{"body":{"type":"string","description_kind":"plain","optional":true},"close":{"type":"bool","description_kind":"plain","optional":true},"status_code":{"type":"string","description_kind":"plain","optional":true}},"block_types":{"header":{"nesting_mode":"set","block":{"attributes":{"name":{"type":"string","description_kind":"plain","required":true},"values":{"type":["list","string"],"description_kind":"plain","required":true}},"description_kind":"plain"}}},"description_kind":"plain"},"max_items":1},"subroute":{"nesting_mode":"set","block":{"block_types":{"error":{"nesting_mode":"list","block":{"attributes":{"group":{"type":"string","description_kind":"plain","optional":true},"terminal":{"type":"bool","description_kind":"plain","optional":true}},"block_types":{"handle":{"nesting_mode":"list","block":{"block_types":{"file_server":{"nesting_mode":"set","block":{"attributes":{"canonical_uris":{"type":"bool","description_kind":"plain","optional":true},"hide":{"type":["list","string"],"description_kind":"plain","optional":true},"index_names":{"type":["list","string"],"description_kind":"plain","optional":true},"pass_thru":{"type":"bool","description_kind":"plain","optional":true},"root":{"type":"string","description_kind":"plain","optional":true}},"description_kind":"plain"},"max_items":1},"request_body":{"nesting_mode":"set","block":{"attributes":{"max_size":{"type":"number","description_kind":"plain","required":true}},"description_kind":"plain"},"max_items":1},"reverse_proxy":{"nesting_mode":"set","block":{"block_types":{"upstream":{"nesting_mode":"list","block":{"attributes":{"dial":{"type":"string","description_kind":"plain","optional":true}},"description_kind":"plain"},"min_items":1}},"description_kind":"plain"},"max_items":1},"static_response":{"nesting_mode":"set","block":{"attributes":{"body":{"type":"string","description_kind":"plain","optional":true},"close":{"type":"bool","description_kind":"plain","optional":true},"status_code":{"type":"string","description_kind":"plain","optional":true}},"block_types":{"header":{"nesting_mode":"set","block":{"attributes":{"name":{"type":"string","description_kind":"plain","required":true},"values":{"type":["list","string"],"description_kind":"plain","required":true}},"description_kind":"plain"}}},"description_kind":"plain"},"max_items":1},"templates":{"nesting_mode":"set","block":{"attributes":{"delimiters":{"type":["list","string"],"description_kind":"plain","optional":true},"file_root":{"type":"string","description_kind":"plain","optional":true},"mime_types":{"type":["list","string"],"description_kind":"plain","optional":true}},"description_kind":"plain"},"max_items":1}},"description_kind":"plain"}},"match":{"nesting_mode":"list","block":{"attributes":{"host":{"type":["list","string"],"description_kind":"plain","optional":true},"method":{"type":["list","string"],"description_kind":"plain","optional":true},"path":{"type":["list","string"],"description_kind":"plain","optional":true}},"block_types":{"header":{"nesting_mode":"set","block":{"attributes":{"name":{"type":"string","description_kind":"plain","required":true},"values":{"type":["list","string"],"description_kind":"plain","required":true}},"description_kind":"plain"}},"not":{"nesting_mode":"list","block":{"attributes":{"host":{"type":["list","string"],"description_kind":"plain","optional":true},"method":{"type":["list","string"],"description_kind":"plain","optional":true},"path":{"type":["list","string"],"description_kind":"plain","optional":true}},"block_types":{"header":{"nesting_mode":"set","block":{"attributes":{"name":{"type":"string","description_kind":"plain","required":true},"values":{"type":["list","string"],"description_kind":"plain","required":true}},"description_kind":"plain"}},"query":{"nesting_mode":"set","block":{"attributes":{"name":{"type":"string","description_kind":"plain","required":true},"values":{"type":["list","string"],"description_kind":"plain","required":true}},"description_kind":"plain"}}},"description_kind":"plain"}},"query":{"nesting_mode":"set","block":{"attributes":{"name":{"type":"string","description_kind":"plain","required":true},"values":{"type":["list","string"],"description_kind":"plain","required":true}},"description_kind":"plain"}}},"description_kind":"plain"}}},"description_kind":"plain"}},"route":{"nesting_mode":"list","block":{"attributes":{"group":{"type":"string","description_kind":"plain","optional":true},"terminal":{"type":"bool","description_kind":"plain","optional":true}},"block_types":{"handle":{"nesting_mode":"list","block":{"block_types":{"file_server":{"nesting_mode":"set","block":{"attributes":{"canonical_uris":{"type":"bool","description_kind":"plain","optional":true},"hide":{"type":["list","string"],"description_kind":"plain","optional":true},"index_names":{"type":["list","string"],"description_kind":"plain","optional":true},"pass_thru":{"type":"bool","description_kind":"plain","optional":true},"root":{"type":"string","description_kind":"plain","optional":true}},"description_kind":"plain"},"max_items":1},"request_body":{"nesting_mode":"set","block":{"attributes":{"max_size":{"type":"number","description_kind":"plain","required":true}},"description_kind":"plain"},"max_items":1},"reverse_proxy":{"nesting_mode":"set","block":{"block_types":{"upstream":{"nesting_mode":"list","block":{"attributes":{"dial":{"type":"string","description_kind":"plain","optional":true}},"description_kind":"plain"},"min_items":1}},"description_kind":"plain"},"max_items":1},"static_response":{"nesting_mode":"set","block":{"attributes":{"body":{"type":"string","description_kind":"plain","optional":true},"close":{"type":"bool","description_kind":"plain","optional":true},"status_code":{"type":"string","description_kind":"plain","optional":true}},"block_types":{"header":{"nesting_mode":"set","block":{"attributes":{"name":{"type":"string","description_kind":"plain","required":true},"values":{"type":["list","string"],"description_kind":"plain","required":true}},"description_kind":"plain"}}},"description_kind":"plain"},"max_items":1},"templates":{"nesting_mode":"set","block":{"attributes":{"delimiters":{"type":["list","string"],"description_kind":"plain","optional":true},"file_root":{"type":"string","description_kind":"plain","optional":true},"mime_types":{"type":["list","string"],"description_kind":"plain","optional":true}},"description_kind":"plain"},"max_items":1}},"description_kind":"plain"}},"match":{"nesting_mode":"list","block":{"attributes":{"host":{"type":["list","string"],"description_kind":"plain","optional":true},"method":{"type":["list","string"],"description_kind":"plain","optional":true},"path":{"type":["list","string"],"description_kind":"plain","optional":true}},"block_types":{"header":{"nesting_mode":"set","block":{"attributes":{"name":{"type":"string","description_kind":"plain","required":true},"values":{"type":["list","string"],"description_kind":"plain","required":true}},"description_kind":"plain"}},"not":{"nesting_mode":"list","block":{"attributes":{"host":{"type":["list","string"],"description_kind":"plain","optional":true},"method":{"type":["list","string"],"description_kind":"plain","optional":true},"path":{"type":["list","string"],"description_kind":"plain","optional":true}},"block_types":{"header":{"nesting_mode":"set","block":{"attributes":{"name":{"type":"string","description_kind":"plain","required":true},"values":{"type":["list","string"],"description_kind":"plain","required":true}},"description_kind":"plain"}},"query":{"nesting_mode":"set","block":{"attributes":{"name":{"type":"string","description_kind":"plain","required":true},"values":{"type":["list","string"],"description_kind":"plain","required":true}},"description_kind":"plain"}}},"description_kind":"plain"}},"query":{"nesting_mode":"set","block":{"attributes":{"name":{"type":"string","description_kind":"plain","required":true},"values":{"type":["list","string"],"description_kind":"plain","required":true}},"description_kind":"plain"}}},"description_kind":"plain"}}},"description_kind":"plain"}}},"description_kind":"plain"},"max_items":1},"templates":{"nesting_mode":"set","block":{"attributes":{"delimiters":{"type":["list","string"],"description_kind":"plain","optional":true},"file_root":{"type":"string","description_kind":"plain","optional":true},"mime_types":{"type":["list","string"],"description_kind":"plain","optional":true}},"description_kind":"plain"},"max_items":1}},"description_kind":"plain"}},"match":{"nesting_mode":"list","block":{"attributes":{"host":{"type":["list","string"],"description_kind":"plain","optional":true},"method":{"type":["list","string"],"description_kind":"plain","optional":true},"path":{"type":["list","string"],"description_kind":"plain","optional":true}},"block_types":{"header":{"nesting_mode":"set","block":{"attributes":{"name":{"type":"string","description_kind":"plain","required":true},"values":{"type":["list","string"],"description_kind":"plain","required":true}},"description_kind":"plain"}},"not":{"nesting_mode":"list","block":{"attributes":{"host":{"type":["list","string"],"description_kind":"plain","optional":true},"method":{"type":["list","string"],"description_kind":"plain","optional":true},"path":{"type":["list","string"],"description_kind":"plain","optional":true}},"block_types":{"header":{"nesting_mode":"set","block":{"attributes":{"name":{"type":"string","description_kind":"plain","required":true},"values":{"type":["list","string"],"description_kind":"plain","required":true}},"description_kind":"plain"}},"query":{"nesting_mode":"set","block":{"attributes":{"name":{"type":"string","description_kind":"plain","required":true},"values":{"type":["list","string"],"description_kind":"plain","required":true}},"description_kind":"plain"}}},"description_kind":"plain"}},"query":{"nesting_mode":"set","block":{"attributes":{"name":{"type":"string","description_kind":"plain","required":true},"values":{"type":["list","string"],"description_kind":"plain","required":true}},"description_kind":"plain"}}},"description_kind":"plain"}}},"description_kind":"plain"}},"route":{"nesting_mode":"list","block":{"attributes":{"group":{"type":"string","description_kind":"plain","optional":true},"terminal":{"type":"bool","description_kind":"plain","optional":true}},"block_types":{"handle":{"nesting_mode":"list","block":{"block_types":{"file_server":{"nesting_mode":"set","block":{"attributes":{"canonical_uris":{"type":"bool","description_kind":"plain","optional":true},"hide":{"type":["list","string"],"description_kind":"plain","optional":true},"index_names":{"type":["list","string"],"description_kind":"plain","optional":true},"pass_thru":{"type":"bool","description_kind":"plain","optional":true},"root":{"type":"string","description_kind":"plain","optional":true}},"description_kind":"plain"},"max_items":1},"request_body":{"nesting_mode":"set","block":{"attributes":{"max_size":{"type":"number","description_kind":"plain","required":true}},"description_kind":"plain"},"max_items":1},"reverse_proxy":{"nesting_mode":"set","block":{"block_types":{"upstream":{"nesting_mode":"list","block":{"attributes":{"dial":{"type":"string","description_kind":"plain","optional":true}},"description_kind":"plain"},"min_items":1}},"description_kind":"plain"},"max_items":1},"static_response":{"nesting_mode":"set","block":{"attributes":{"body":{"type":"string","description_kind":"plain","optional":true},"close":{"type":"bool","description_kind":"plain","optional":true},"status_code":{"type":"string","description_kind":"plain","optional":true}},"block_types":{"header":{"nesting_mode":"set","block":{"attributes":{"name":{"type":"string","description_kind":"plain","required":true},"values":{"type":["list","string"],"description_kind":"plain","required":true}},"description_kind":"plain"}}},"description_kind":"plain"},"max_items":1},"subroute":{"nesting_mode":"set","block":{"block_types":{"error":{"nesting_mode":"list","block":{"attributes":{"group":{"type":"string","description_kind":"plain","optional":true},"terminal":{"type":"bool","description_kind":"plain","optional":true}},"block_types":{"handle":{"nesting_mode":"list","block":{"block_types":{"file_server":{"nesting_mode":"set","block":{"attributes":{"canonical_uris":{"type":"bool","description_kind":"plain","optional":true},"hide":{"type":["list","string"],"description_kind":"plain","optional":true},"index_names":{"type":["list","string"],"description_kind":"plain","optional":true},"pass_thru":{"type":"bool","description_kind":"plain","optional":true},"root":{"type":"string","description_kind":"plain","optional":true}},"description_kind":"plain"},"max_items":1},"request_body":{"nesting_mode":"set","block":{"attributes":{"max_size":{"type":"number","description_kind":"plain","required":true}},"description_kind":"plain"},"max_items":1},"reverse_proxy":{"nesting_mode":"set","block":{"block_types":{"upstream":{"nesting_mode":"list","block":{"attributes":{"dial":{"type":"string","description_kind":"plain","optional":true}},"description_kind":"plain"},"min_items":1}},"description_kind":"plain"},"max_items":1},"static_response":{"nesting_mode":"set","block":{"attributes":{"body":{"type":"string","description_kind":"plain","optional":true},"close":{"type":"bool","description_kind":"plain","optional":true},"status_code":{"type":"string","description_kind":"plain","optional":true}},"block_types":{"header":{"nesting_mode":"set","block":{"attributes":{"name":{"type":"string","description_kind":"plain","required":true},"values":{"type":["list","string"],"description_kind":"plain","required":true}},"description_kind":"plain"}}},"description_kind":"plain"},"max_items":1},"templates":{"nesting_mode":"set","block":{"attributes":{"delimiters":{"type":["list","string"],"description_kind":"plain","optional":true},"file_root":{"type":"string","description_kind":"plain","optional":true},"mime_types":{"type":["list","string"],"description_kind":"plain","optional":true}},"description_kind":"plain"},"max_items":1}},"description_kind":"plain"}},"match":{"nesting_mode":"list","block":{"attributes":{"host":{"type":["list","string"],"description_kind":"plain","optional":true},"method":{"type":["list","string"],"description_kind":"plain","optional":true},"path":{"type":["list","string"],"description_kind":"plain","optional":true}},"block_types":{"header":{"nesting_mode":"set","block":{"attributes":{"name":{"type":"string","description_kind":"plain","required":true},"values":{"type":["list","string"],"description_kind":"plain","required":true}},"description_kind":"plain"}},"not":{"nesting_mode":"list","block":{"attributes":{"host":{"type":["list","string"],"description_kind":"plain","optional":true},"method":{"type":["list","string"],"description_kind":"plain","optional":true},"path":{"type":["list","string"],"description_kind":"plain","optional":true}},"block_types":{"header":{"nesting_mode":"set","block":{"attributes":{"name":{"type":"string","description_kind":"plain","required":true},"values":{"type":["list","string"],"description_kind":"plain","required":true}},"description_kind":"plain"}},"query":{"nesting_mode":"set","block":{"attributes":{"name":{"type":"string","description_kind":"plain","required":true},"values":{"type":["list","string"],"description_kind":"plain","required":true}},"description_kind":"plain"}}},"description_kind":"plain"}},"query":{"nesting_mode":"set","block":{"attributes":{"name":{"type":"string","description_kind":"plain","required":true},"values":{"type":["list","string"],"description_kind":"plain","required":true}},"description_kind":"plain"}}},"description_kind":"plain"}}},"description_kind":"plain"}},"route":{"nesting_mode":"list","block":{"attributes":{"group":{"type":"string","description_kind":"plain","optional":true},"terminal":{"type":"bool","description_kind":"plain","optional":true}},"block_types":{"handle":{"nesting_mode":"list","block":{"block_types":{"file_server":{"nesting_mode":"set","block":{"attributes":{"canonical_uris":{"type":"bool","description_kind":"plain","optional":true},"hide":{"type":["list","string"],"description_kind":"plain","optional":true},"index_names":{"type":["list","string"],"description_kind":"plain","optional":true},"pass_thru":{"type":"bool","description_kind":"plain","optional":true},"root":{"type":"string","description_kind":"plain","optional":true}},"description_kind":"plain"},"max_items":1},"request_body":{"nesting_mode":"set","block":{"attributes":{"max_size":{"type":"number","description_kind":"plain","required":true}},"description_kind":"plain"},"max_items":1},"reverse_proxy":{"nesting_mode":"set","block":{"block_types":{"upstream":{"nesting_mode":"list","block":{"attributes":{"dial":{"type":"string","description_kind":"plain","optional":true}},"description_kind":"plain"},"min_items":1}},"description_kind":"plain"},"max_items":1},"static_response":{"nesting_mode":"set","block":{"attributes":{"body":{"type":"string","description_kind":"plain","optional":true},"close":{"type":"bool","description_kind":"plain","optional":true},"status_code":{"type":"string","description_kind":"plain","optional":true}},"block_types":{"header":{"nesting_mode":"set","block":{"attributes":{"name":{"type":"string","description_kind":"plain","required":true},"values":{"type":["list","string"],"description_kind":"plain","required":true}},"description_kind":"plain"}}},"description_kind":"plain"},"max_items":1},"templates":{"nesting_mode":"set","block":{"attributes":{"delimiters":{"type":["list","string"],"description_kind":"plain","optional":true},"file_root":{"type":"string","description_kind":"plain","optional":true},"mime_types":{"type":["list","string"],"description_kind":"plain","optional":true}},"description_kind":"plain"},"max_items":1}},"description_kind":"plain"}},"match":{"nesting_mode":"list","block":{"attributes":{"host":{"type":["list","string"],"description_kind":"plain","optional":true},"method":{"type":["list","string"],"description_kind":"plain","optional":true},"path":{"type":["list","string"],"description_kind":"plain","optional":true}},"block_types":{"header":{"nesting_mode":"set","block":{"attributes":{"name":{"type":"string","description_kind":"plain","required":true},"values":{"type":["list","string"],"description_kind":"plain","required":true}},"description_kind":"plain"}},"not":{"nesting_mode":"list","block":{"attributes":{"host":{"type":["list","string"],"description_kind":"plain","optional":true},"method":{"type":["list","string"],"description_kind":"plain","optional":true},"path":{"type":["list","string"],"description_kind":"plain","optional":true}},"block_types":{"header":{"nesting_mode":"set","block":{"attributes":{"name":{"type":"string","description_kind":"plain","required":true},"values":{"type":["list","string"],"description_kind":"plain","required":true}},"description_kind":"plain"}},"query":{"nesting_mode":"set","block":{"attributes":{"name":{"type":"string","description_kind":"plain","required":true},"values":{"type":["list","string"],"description_kind":"plain","required":true}},"description_kind":"plain"}}},"description_kind":"plain"}},"query":{"nesting_mode":"set","block":{"attributes":{"name":{"type":"string","description_kind":"plain","required":true},"values":{"type":["list","string"],"description_kind":"plain","required":true}},"description_kind":"plain"}}},"description_kind":"plain"}}},"description_kind":"plain"}}},"description_kind":"plain"},"max_items":1},"templates":{"nesting_mode":"set","block":{"attributes":{"delimiters":{"type":["list","string"],"description_kind":"plain","optional":true},"file_root":{"type":"string","description_kind":"plain","optional":true},"mime_types":{"type":["list","string"],"description_kind":"plain","optional":true}},"description_kind":"plain"},"max_items":1}},"description_kind":"plain"}},"match":{"nesting_mode":"list","block":{"attributes":{"host":{"type":["list","string"],"description_kind":"plain","optional":true},"method":{"type":["list","string"],"description_kind":"plain","optional":true},"path":{"type":["list","string"],"description_kind":"plain","optional":true}},"block_types":{"header":{"nesting_mode":"set","block":{"attributes":{"name":{"type":"string","description_kind":"plain","required":true},"values":{"type":["list","string"],"description_kind":"plain","required":true}},"description_kind":"plain"}},"not":{"nesting_mode":"list","block":{"attributes":{"host":{"type":["list","string"],"description_kind":"plain","optional":true},"method":{"type":["list","string"],"description_kind":"plain","optional":true},"path":{"type":["list","string"],"description_kind":"plain","optional":true}},"block_types":{"header":{"nesting_mode":"set","block":{"attributes":{"name":{"type":"string","description_kind":"plain","required":true},"values":{"type":["list","string"],"description_kind":"plain","required":true}},"description_kind":"plain"}},"query":{"nesting_mode":"set","block":{"attributes":{"name":{"type":"string","description_kind":"plain","required":true},"values":{"type":["list","string"],"description_kind":"plain","required":true}},"description_kind":"plain"}}},"description_kind":"plain"}},"query":{"nesting_mode":"set","block":{"attributes":{"name":{"type":"string","description_kind":"plain","required":true},"values":{"type":["list","string"],"description_kind":"plain","required":true}},"description_kind":"plain"}}},"description_kind":"plain"}}},"description_kind":"plain"}}},"description_kind":"plain"},"max_items":1},"templates":{"nesting_mode":"set","block":{"attributes":{"delimiters":{"type":["list","string"],"description_kind":"plain","optional":true},"file_root":{"type":"string","description_kind":"plain","optional":true},"mime_types":{"type":["list","string"],"description_kind":"plain","optional":true}},"description_kind":"plain"},"max_items":1}},"description_kind":"plain"}},"match":{"nesting_mode":"list","block":{"attributes":{"host":{"type":["list","string"],"description_kind":"plain","optional":true},"method":{"type":["list","string"],"description_kind":"plain","optional":true},"path":{"type":["list","string"],"description_kind":"plain","optional":true}},"block_types":{"header":{"nesting_mode":"set","block":{"attributes":{"name":{"type":"string","description_kind":"plain","required":true},"values":{"type":["list","string"],"description_kind":"plain","required":true}},"description_kind":"plain"}},"not":{"nesting_mode":"list","block":{"attributes":{"host":{"type":["list","string"],"description_kind":"plain","optional":true},"method":{"type":["list","string"],"description_kind":"plain","optional":true},"path":{"type":["list","string"],"description_kind":"plain","optional":true}},"block_types":{"header":{"nesting_mode":"set","block":{"attributes":{"name":{"type":"string","description_kind":"plain","required":true},"values":{"type":["list","string"],"description_kind":"plain","required":true}},"description_kind":"plain"}},"query":{"nesting_mode":"set","block":{"attributes":{"name":{"type":"string","description_kind":"plain","required":true},"values":{"type":["list","string"],"description_kind":"plain","required":true}},"description_kind":"plain"}}},"description_kind":"plain"}},"query":{"nesting_mode":"set","block":{"attributes":{"name":{"type":"string","description_kind":"plain","required":true},"values":{"type":["list","string"],"description_kind":"plain","required":true}},"description_kind":"plain"}}},"description_kind":"plain"}}},"description_kind":"plain"}},"route":{"nesting_mode":"list","block":{"attributes":{"group":{"type":"string","description_kind":"plain","optional":true},"terminal":{"type":"bool","description_kind":"plain","optional":true}},"block_types":{"handle":{"nesting_mode":"list","block":{"block_types":{"file_server":{"nesting_mode":"set","block":{"attributes":{"canonical_uris":{"type":"bool","description_kind":"plain","optional":true},"hide":{"type":["list","string"],"description_kind":"plain","optional":true},"index_names":{"type":["list","string"],"description_kind":"plain","optional":true},"pass_thru":{"type":"bool","description_kind":"plain","optional":true},"root":{"type":"string","description_kind":"plain","optional":true}},"description_kind":"plain"},"max_items":1},"request_body":{"nesting_mode":"set","block":{"attributes":{"max_size":{"type":"number","description_kind":"plain","required":true}},"description_kind":"plain"},"max_items":1},"reverse_proxy":{"nesting_mode":"set","block":{"block_types":{"upstream":{"nesting_mode":"list","block":{"attributes":{"dial":{"type":"string","description_kind":"plain","optional":true}},"description_kind":"plain"},"min_items":1}},"description_kind":"plain"},"max_items":1},"static_response":{"nesting_mode":"set","block":{"attributes":{"body":{"type":"string","description_kind":"plain","optional":true},"close":{"type":"bool","description_kind":"plain","optional":true},"status_code":{"type":"string","description_kind":"plain","optional":true}},"block_types":{"header":{"nesting_mode":"set","block":{"attributes":{"name":{"type":"string","description_kind":"plain","required":true},"values":{"type":["list","string"],"description_kind":"plain","required":true}},"description_kind":"plain"}}},"description_kind":"plain"},"max_items":1},"subroute":{"nesting_mode":"set","block":{"block_types":{"error":{"nesting_mode":"list","block":{"attributes":{"group":{"type":"string","description_kind":"plain","optional":true},"terminal":{"type":"bool","description_kind":"plain","optional":true}},"block_types":{"handle":{"nesting_mode":"list","block":{"block_types":{"file_server":{"nesting_mode":"set","block":{"attributes":{"canonical_uris":{"type":"bool","description_kind":"plain","optional":true},"hide":{"type":["list","string"],"description_kind":"plain","optional":true},"index_names":{"type":["list","string"],"description_kind":"plain","optional":true},"pass_thru":{"type":"bool","description_kind":"plain","optional":true},"root":{"type":"string","description_kind":"plain","optional":true}},"description_kind":"plain"},"max_items":1},"request_body":{"nesting_mode":"set","block":{"attributes":{"max_size":{"type":"number","description_kind":"plain","required":true}},"description_kind":"plain"},"max_items":1},"reverse_proxy":{"nesting_mode":"set","block":{"block_types":{"upstream":{"nesting_mode":"list","block":{"attributes":{"dial":{"type":"string","description_kind":"plain","optional":true}},"description_kind":"plain"},"min_items":1}},"description_kind":"plain"},"max_items":1},"static_response":{"nesting_mode":"set","block":{"attributes":{"body":{"type":"string","description_kind":"plain","optional":true},"close":{"type":"bool","description_kind":"plain","optional":true},"status_code":{"type":"string","description_kind":"plain","optional":true}},"block_types":{"header":{"nesting_mode":"set","block":{"attributes":{"name":{"type":"string","description_kind":"plain","required":true},"values":{"type":["list","string"],"description_kind":"plain","required":true}},"description_kind":"plain"}}},"description_kind":"plain"},"max_items":1},"subroute":{"nesting_mode":"set","block":{"block_types":{"error":{"nesting_mode":"list","block":{"attributes":{"group":{"type":"string","description_kind":"plain","optional":true},"terminal":{"type":"bool","description_kind":"plain","optional":true}},"block_types":{"handle":{"nesting_mode":"list","block":{"block_types":{"file_server":{"nesting_mode":"set","block":{"attributes":{"canonical_uris":{"type":"bool","description_kind":"plain","optional":true},"hide":{"type":["list","string"],"description_kind":"plain","optional":true},"index_names":{"type":["list","string"],"description_kind":"plain","optional":true},"pass_thru":{"type":"bool","description_kind":"plain","optional":true},"root":{"type":"string","description_kind":"plain","optional":true}},"description_kind":"plain"},"max_items":1},"request_body":{"nesting_mode":"set","block":{"attributes":{"max_size":{"type":"number","description_kind":"plain","required":true}},"description_kind":"plain"},"max_items":1},"reverse_proxy":{"nesting_mode":"set","block":{"block_types":{"upstream":{"nesting_mode":"list","block":{"attributes":{"dial":{"type":"string","description_kind":"plain","optional":true}},"description_kind":"plain"},"min_items":1}},"description_kind":"plain"},"max_items":1},"static_response":{"nesting_mode":"set","block":{"attributes":{"body":{"type":"string","description_kind":"plain","optional":true},"close":{"type":"bool","description_kind":"plain","optional":true},"status_code":{"type":"string","description_kind":"plain","optional":true}},"block_types":{"header":{"nesting_mode":"set","block":{"attributes":{"name":{"type":"string","description_kind":"plain","required":true},"values":{"type":["list","string"],"description_kind":"plain","required":true}},"description_kind":"plain"}}},"description_kind":"plain"},"max_items":1},"templates":{"nesting_mode":"set","block":{"attributes":{"delimiters":{"type":["list","string"],"description_kind":"plain","optional":true},"file_root":{"type":"string","description_kind":"plain","optional":true},"mime_types":{"type":["list","string"],"description_kind":"plain","optional":true}},"description_kind":"plain"},"max_items":1}},"description_kind":"plain"}},"match":{"nesting_mode":"list","block":{"attributes":{"host":{"type":["list","string"],"description_kind":"plain","optional":true},"method":{"type":["list","string"],"description_kind":"plain","optional":true},"path":{"type":["list","string"],"description_kind":"plain","optional":true}},"block_types":{"header":{"nesting_mode":"set","block":{"attributes":{"name":{"type":"string","description_kind":"plain","required":true},"values":{"type":["list","string"],"description_kind":"plain","required":true}},"description_kind":"plain"}},"not":{"nesting_mode":"list","block":{"attributes":{"host":{"type":["list","string"],"description_kind":"plain","optional":true},"method":{"type":["list","string"],"description_kind":"plain","optional":true},"path":{"type":["list","string"],"description_kind":"plain","optional":true}},"block_types":{"header":{"nesting_mode":"set","block":{"attributes":{"name":{"type":"string","description_kind":"plain","required":true},"values":{"type":["list","string"],"description_kind":"plain","required":true}},"description_kind":"plain"}},"query":{"nesting_mode":"set","block":{"attributes":{"name":{"type":"string","description_kind":"plain","required":true},"values":{"type":["list","string"],"description_kind":"plain","required":true}},"description_kind":"plain"}}},"description_kind":"plain"}},"query":{"nesting_mode":"set","block":{"attributes":{"name":{"type":"string","description_kind":"plain","required":true},"values":{"type":["list","string"],"description_kind":"plain","required":true}},"description_kind":"plain"}}},"description_kind":"plain"}}},"description_kind":"plain"}},"route":{"nesting_mode":"list","block":{"attributes":{"group":{"type":"string","description_kind":"plain","optional":true},"terminal":{"type":"bool","description_kind":"plain","optional":true}},"block_types":{"handle":{"nesting_mode":"list","block":{"block_types":{"file_server":{"nesting_mode":"set","block":{"attributes":{"canonical_uris":{"type":"bool","description_kind":"plain","optional":true},"hide":{"type":["list","string"],"description_kind":"plain","optional":true},"index_names":{"type":["list","string"],"description_kind":"plain","optional":true},"pass_thru":{"type":"bool","description_kind":"plain","optional":true},"root":{"type":"string","description_kind":"plain","optional":true}},"description_kind":"plain"},"max_items":1},"request_body":{"nesting_mode":"set","block":{"attributes":{"max_size":{"type":"number","description_kind":"plain","required":true}},"description_kind":"plain"},"max_items":1},"reverse_proxy":{"nesting_mode":"set","block":{"block_types":{"upstream":{"nesting_mode":"list","block":{"attributes":{"dial":{"type":"string","description_kind":"plain","optional":true}},"description_kind":"plain"},"min_items":1}},"description_kind":"plain"},"max_items":1},"static_response":{"nesting_mode":"set","block":{"attributes":{"body":{"type":"string","description_kind":"plain","optional":true},"close":{"type":"bool","description_kind":"plain","optional":true},"status_code":{"type":"string","description_kind":"plain","optional":true}},"block_types":{"header":{"nesting_mode":"set","block":{"attributes":{"name":{"type":"string","description_kind":"plain","required":true},"values":{"type":["list","string"],"description_kind":"plain","required":true}},"description_kind":"plain"}}},"description_kind":"plain"},"max_items":1},"templates":{"nesting_mode":"set","block":{"attributes":{"delimiters":{"type":["list","string"],"description_kind":"plain","optional":true},"file_root":{"type":"string","description_kind":"plain","optional":true},"mime_types":{"type":["list","string"],"description_kind":"plain","optional":true}},"description_kind":"plain"},"max_items":1}},"description_kind":"plain"}},"match":{"nesting_mode":"list","block":{"attributes":{"host":{"type":["list","string"],"description_kind":"plain","optional":true},"method":{"type":["list","string"],"description_kind":"plain","optional":true},"path":{"type":["list","string"],"description_kind":"plain","optional":true}},"block_types":{"header":{"nesting_mode":"set","block":{"attributes":{"name":{"type":"string","description_kind":"plain","required":true},"values":{"type":["list","string"],"description_kind":"plain","required":true}},"description_kind":"plain"}},"not":{"nesting_mode":"list","block":{"attributes":{"host":{"type":["list","string"],"description_kind":"plain","optional":true},"method":{"type":["list","string"],"description_kind":"plain","optional":true},"path":{"type":["list","string"],"description_kind":"plain","optional":true}},"block_types":{"header":{"nesting_mode":"set","block":{"attributes":{"name":{"type":"string","description_kind":"plain","required":true},"values":{"type":["list","string"],"description_kind":"plain","required":true}},"description_kind":"plain"}},"query":{"nesting_mode":"set","block":{"attributes":{"name":{"type":"string","description_kind":"plain","required":true},"values":{"type":["list","string"],"description_kind":"plain","required":true}},"description_kind":"plain"}}},"description_kind":"plain"}},"query":{"nesting_mode":"set","block":{"attributes":{"name":{"type":"string","description_kind":"plain","required":true},"values":{"type":["list","string"],"description_kind":"plain","required":true}},"description_kind":"plain"}}},"description_kind":"plain"}}},"description_kind":"plain"}}},"description_kind":"plain"},"max_items":1},"templates":{"nesting_mode":"set","block":{"attributes":{"delimiters":{"type":["list","string"],"description_kind":"plain","optional":true},"file_root":{"type":"string","description_kind":"plain","optional":true},"mime_types":{"type":["list","string"],"description_kind":"plain","optional":true}},"description_kind":"plain"},"max_items":1}},"description_kind":"plain"}},"match":{"nesting_mode":"list","block":{"attributes":{"host":{"type":["list","string"],"description_kind":"plain","optional":true},"method":{"type":["list","string"],"description_kind":"plain","optional":true},"path":{"type":["list","string"],"description_kind":"plain","optional":true}},"block_types":{"header":{"nesting_mode":"set","block":{"attributes":{"name":{"type":"string","description_kind":"plain","required":true},"values":{"type":["list","string"],"description_kind":"plain","required":true}},"description_kind":"plain"}},"not":{"nesting_mode":"list","block":{"attributes":{"host":{"type":["list","string"],"description_kind":"plain","optional":true},"method":{"type":["list","string"],"description_kind":"plain","optional":true},"path":{"type":["list","string"],"description_kind":"plain","optional":true}},"block_types":{"header":{"nesting_mode":"set","block":{"attributes":{"name":{"type":"string","description_kind":"plain","required":true},"values":{"type":["list","string"],"description_kind":"plain","required":true}},"description_kind":"plain"}},"query":{"nesting_mode":"set","block":{"attributes":{"name":{"type":"string","description_kind":"plain","required":true},"values":{"type":["list","string"],"description_kind":"plain","required":true}},"description_kind":"plain"}}},"description_kind":"plain"}},"query":{"nesting_mode":"set","block":{"attributes":{"name":{"type":"string","description_kind":"plain","required":true},"values":{"type":["list","string"],"description_kind":"plain","required":true}},"description_kind":"plain"}}},"description_kind":"plain"}}},"description_kind":"plain"}},"route":{"nesting_mode":"list","block":{"attributes":{"group":{"type":"string","description_kind":"plain","optional":true},"terminal":{"type":"bool","description_kind":"plain","optional":true}},"block_types":{"handle":{"nesting_mode":"list","block":{"block_types":{"file_server":{"nesting_mode":"set","block":{"attributes":{"canonical_uris":{"type":"bool","description_kind":"plain","optional":true},"hide":{"type":["list","string"],"description_kind":"plain","optional":true},"index_names":{"type":["list","string"],"description_kind":"plain","optional":true},"pass_thru":{"type":"bool","description_kind":"plain","optional":true},"root":{"type":"string","description_kind":"plain","optional":true}},"description_kind":"plain"},"max_items":1},"request_body":{"nesting_mode":"set","block":{"attributes":{"max_size":{"type":"number","description_kind":"plain","required":true}},"description_kind":"plain"},"max_items":1},"reverse_proxy":{"nesting_mode":"set","block":{"block_types":{"upstream":{"nesting_mode":"list","block":{"attributes":{"dial":{"type":"string","description_kind":"plain","optional":true}},"description_kind":"plain"},"min_items":1}},"description_kind":"plain"},"max_items":1},"static_response":{"nesting_mode":"set","block":{"attributes":{"body":{"type":"string","description_kind":"plain","optional":true},"close":{"type":"bool","description_kind":"plain","optional":true},"status_code":{"type":"string","description_kind":"plain","optional":true}},"block_types":{"header":{"nesting_mode":"set","block":{"attributes":{"name":{"type":"string","description_kind":"plain","required":true},"values":{"type":["list","string"],"description_kind":"plain","required":true}},"description_kind":"plain"}}},"description_kind":"plain"},"max_items":1},"subroute":{"nesting_mode":"set","block":{"block_types":{"error":{"nesting_mode":"list","block":{"attributes":{"group":{"type":"string","description_kind":"plain","optional":true},"terminal":{"type":"bool","description_kind":"plain","optional":true}},"block_types":{"handle":{"nesting_mode":"list","block":{"block_types":{"file_server":{"nesting_mode":"set","block":{"attributes":{"canonical_uris":{"type":"bool","description_kind":"plain","optional":true},"hide":{"type":["list","string"],"description_kind":"plain","optional":true},"index_names":{"type":["list","string"],"description_kind":"plain","optional":true},"pass_thru":{"type":"bool","description_kind":"plain","optional":true},"root":{"type":"string","description_kind":"plain","optional":true}},"description_kind":"plain"},"max_items":1},"request_body":{"nesting_mode":"set","block":{"attributes":{"max_size":{"type":"number","description_kind":"plain","required":true}},"description_kind":"plain"},"max_items":1},"reverse_proxy":{"nesting_mode":"set","block":{"block_types":{"upstream":{"nesting_mode":"list","block":{"attributes":{"dial":{"type":"string","description_kind":"plain","optional":true}},"description_kind":"plain"},"min_items":1}},"description_kind":"plain"},"max_items":1},"static_response":{"nesting_mode":"set","block":{"attributes":{"body":{"type":"string","description_kind":"plain","optional":true},"close":{"type":"bool","description_kind":"plain","optional":true},"status_code":{"type":"string","description_kind":"plain","optional":true}},"block_types":{"header":{"nesting_mode":"set","block":{"attributes":{"name":{"type":"string","description_kind":"plain","required":true},"values":{"type":["list","string"],"description_kind":"plain","required":true}},"description_kind":"plain"}}},"description_kind":"plain"},"max_items":1},"templates":{"nesting_mode":"set","block":{"attributes":{"delimiters":{"type":["list","string"],"description_kind":"plain","optional":true},"file_root":{"type":"string","description_kind":"plain","optional":true},"mime_types":{"type":["list","string"],"description_kind":"plain","optional":true}},"description_kind":"plain"},"max_items":1}},"description_kind":"plain"}},"match":{"nesting_mode":"list","block":{"attributes":{"host":{"type":["list","string"],"description_kind":"plain","optional":true},"method":{"type":["list","string"],"description_kind":"plain","optional":true},"path":{"type":["list","string"],"description_kind":"plain","optional":true}},"block_types":{"header":{"nesting_mode":"set","block":{"attributes":{"name":{"type":"string","description_kind":"plain","required":true},"values":{"type":["list","string"],"description_kind":"plain","required":true}},"description_kind":"plain"}},"not":{"nesting_mode":"list","block":{"attributes":{"host":{"type":["list","string"],"description_kind":"plain","optional":true},"method":{"type":["list","string"],"description_kind":"plain","optional":true},"path":{"type":["list","string"],"description_kind":"plain","optional":true}},"block_types":{"header":{"nesting_mode":"set","block":{"attributes":{"name":{"type":"string","description_kind":"plain","required":true},"values":{"type":["list","string"],"description_kind":"plain","required":true}},"description_kind":"plain"}},"query":{"nesting_mode":"set","block":{"attributes":{"name":{"type":"string","description_kind":"plain","required":true},"values":{"type":["list","string"],"description_kind":"plain","required":true}},"description_kind":"plain"}}},"description_kind":"plain"}},"query":{"nesting_mode":"set","block":{"attributes":{"name":{"type":"string","description_kind":"plain","required":true},"values":{"type":["list","string"],"description_kind":"plain","required":true}},"description_kind":"plain"}}},"description_kind":"plain"}}},"description_kind":"plain"}},"route":{"nesting_mode":"list","block":{"attributes":{"group":{"type":"string","description_kind":"plain","optional":true},"terminal":{"type":"bool","description_kind":"plain","optional":true}},"block_types":{"handle":{"nesting_mode":"list","block":{"block_types":{"file_server":{"nesting_mode":"set","block":{"attributes":{"canonical_uris":{"type":"bool","description_kind":"plain","optional":true},"hide":{"type":["list","string"],"description_kind":"plain","optional":true},"index_names":{"type":["list","string"],"description_kind":"plain","optional":true},"pass_thru":{"type":"bool","description_kind":"plain","optional":true},"root":{"type":"string","description_kind":"plain","optional":true}},"description_kind":"plain"},"max_items":1},"request_body":{"nesting_mode":"set","block":{"attributes":{"max_size":{"type":"number","description_kind":"plain","required":true}},"description_kind":"plain"},"max_items":1},"reverse_proxy":{"nesting_mode":"set","block":{"block_types":{"upstream":{"nesting_mode":"list","block":{"attributes":{"dial":{"type":"string","description_kind":"plain","optional":true}},"description_kind":"plain"},"min_items":1}},"description_kind":"plain"},"max_items":1},"static_response":{"nesting_mode":"set","block":{"attributes":{"body":{"type":"string","description_kind":"plain","optional":true},"close":{"type":"bool","description_kind":"plain","optional":true},"status_code":{"type":"string","description_kind":"plain","optional":true}},"block_types":{"header":{"nesting_mode":"set","block":{"attributes":{"name":{"type":"string","description_kind":"plain","required":true},"values":{"type":["list","string"],"description_kind":"plain","required":true}},"description_kind":"plain"}}},"description_kind":"plain"},"max_items":1},"templates":{"nesting_mode":"set","block":{"attributes":{"delimiters":{"type":["list","string"],"description_kind":"plain","optional":true},"file_root":{"type":"string","description_kind":"plain","optional":true},"mime_types":{"type":["list","string"],"description_kind":"plain","optional":true}},"description_kind":"plain"},"max_items":1}},"description_kind":"plain"}},"match":{"nesting_mode":"list","block":{"attributes":{"host":{"type":["list","string"],"description_kind":"plain","optional":true},"method":{"type":["list","string"],"description_kind":"plain","optional":true},"path":{"type":["list","string"],"description_kind":"plain","optional":true}},"block_types":{"header":{"nesting_mode":"set","block":{"attributes":{"name":{"type":"string","description_kind":"plain","required":true},"values":{"type":["list","string"],"description_kind":"plain","required":true}},"description_kind":"plain"}},"not":{"nesting_mode":"list","block":{"attributes":{"host":{"type":["list","string"],"description_kind":"plain","optional":true},"method":{"type":["list","string"],"description_kind":"plain","optional":true},"path":{"type":["list","string"],"description_kind":"plain","optional":true}},"block_types":{"header":{"nesting_mode":"set","block":{"attributes":{"name":{"type":"string","description_kind":"plain","required":true},"values":{"type":["list","string"],"description_kind":"plain","required":true}},"description_kind":"plain"}},"query":{"nesting_mode":"set","block":{"attributes":{"name":{"type":"string","description_kind":"plain","required":true},"values":{"type":["list","string"],"description_kind":"plain","required":true}},"description_kind":"plain"}}},"description_kind":"plain"}},"query":{"nesting_mode":"set","block":{"attributes":{"name":{"type":"string","description_kind":"plain","required":true},"values":{"type":["list","string"],"description_kind":"plain","required":true}},"description_kind":"plain"}}},"description_kind":"plain"}}},"description_kind":"plain"}}},"description_kind":"plain"},"max_items":1},"templates":{"nesting_mode":"set","block":{"attributes":{"delimiters":{"type":["list","string"],"description_kind":"plain","optional":true},"file_root":{"type":"string","description_kind":"plain","optional":true},"mime_types":{"type":["list","string"],"description_kind":"plain","optional":true}},"description_kind":"plain"},"max_items":1}},"description_kind":"plain"}},"match":{"nesting_mode":"list","block":{"attributes":{"host":{"type":["list","string"],"description_kind":"plain","optional":true},"method":{"type":["list","string"],"description_kind":"plain","optional":true},"path":{"type":["list","string"],"description_kind":"plain","optional":true}},"block_types":{"header":{"nesting_mode":"set","block":{"attributes":{"name":{"type":"string","description_kind":"plain","required":true},"values":{"type":["list","string"],"description_kind":"plain","required":true}},"description_kind":"plain"}},"not":{"nesting_mode":"list","block":{"attributes":{"host":{"type":["list","string"],"description_kind":"plain","optional":true},"method":{"type":["list","string"],"description_kind":"plain","optional":true},"path":{"type":["list","string"],"description_kind":"plain","optional":true}},"block_types":{"header":{"nesting_mode":"set","block":{"attributes":{"name":{"type":"string","description_kind":"plain","required":true},"values":{"type":["list","string"],"description_kind":"plain","required":true}},"description_kind":"plain"}},"query":{"nesting_mode":"set","block":{"attributes":{"name":{"type":"string","description_kind":"plain","required":true},"values":{"type":["list","string"],"description_kind":"plain","required":true}},"description_kind":"plain"}}},"description_kind":"plain"}},"query":{"nesting_mode":"set","block":{"attributes":{"name":{"type":"string","description_kind":"plain","required":true},"values":{"type":["list","string"],"description_kind":"plain","required":true}},"description_kind":"plain"}}},"description_kind":"plain"}}},"description_kind":"plain"}}},"description_kind":"plain"},"max_items":1},"templates":{"nesting_mode":"set","block":{"attributes":{"delimiters":{"type":["list","string"],"description_kind":"plain","optional":true},"file_root":{"type":"string","description_kind":"plain","optional":true},"mime_types":{"type":["list","string"],"description_kind":"plain","optional":true}},"description_kind":"plain"},"max_items":1}},"description_kind":"plain"}},"match":{"nesting_mode":"list","block":{"attributes":{"host":{"type":["list","string"],"description_kind":"plain","optional":true},"method":{"type":["list","string"],"description_kind":"plain","optional":true},"path":{"type":["list","string"],"description_kind":"plain","optional":true}},"block_types":{"header":{"nesting_mode":"set","block":{"attributes":{"name":{"type":"string","description_kind":"plain","required":true},"values":{"type":["list","string"],"description_kind":"plain","required":true}},"description_kind":"plain"}},"not":{"nesting_mode":"list","block":{"attributes":{"host":{"type":["list","string"],"description_kind":"plain","optional":true},"method":{"type":["list","string"],"description_kind":"plain","optional":true},"path":{"type":["list","string"],"description_kind":"plain","optional":true}},"block_types":{"header":{"nesting_mode":"set","block":{"attributes":{"name":{"type":"string","description_kind":"plain","required":true},"values":{"type":["list","string"],"description_kind":"plain","required":true}},"description_kind":"plain"}},"query":{"nesting_mode":"set","block":{"attributes":{"name":{"type":"string","description_kind":"plain","required":true},"values":{"type":["list","string"],"description_kind":"plain","required":true}},"description_kind":"plain"}}},"description_kind":"plain"}},"query":{"nesting_mode":"set","block":{"attributes":{"name":{"type":"string","description_kind":"plain","required":true},"values":{"type":["list","string"],"description_kind":"plain","required":true}},"description_kind":"plain"}}},"description_kind":"plain"}}},"description_kind":"plain"}}},"description_kind":"plain"},"max_items":1},"templates":{"nesting_mode":"set","block":{"attributes":{"delimiters":{"type":["list","string"],"description_kind":"plain","optional":true},"file_root":{"type":"string","description_kind":"plain","optional":true},"mime_types":{"type":["list","string"],"description_kind":"plain","optional":true}},"description_kind":"plain"},"max_items":1}},"description_kind":"plain"}},"match":{"nesting_mode":"list","block":{"attributes":{"host":{"type":["list","string"],"description_kind":"plain","optional":true},"method":{"type":["list","string"],"description_kind":"plain","optional":true},"path":{"type":["list","string"],"description_kind":"plain","optional":true}},"block_types":{"header":{"nesting_mode":"set","block":{"attributes":{"name":{"type":"string","description_kind":"plain","required":true},"values":{"type":["list","string"],"description_kind":"plain","required":true}},"description_kind":"plain"}},"not":{"nesting_mode":"list","block":{"attributes":{"host":{"type":["list","string"],"description_kind":"plain","optional":true},"method":{"type":["list","string"],"description_kind":"plain","optional":true},"path":{"type":["list","string"],"description_kind":"plain","optional":true}},"block_types":{"header":{"nesting_mode":"set","block":{"attributes":{"name":{"type":"string","description_kind":"plain","required":true},"values":{"type":["list","string"],"description_kind":"plain","required":true}},"description_kind":"plain"}},"query":{"nesting_mode":"set","block":{"attributes":{"name":{"type":"string","description_kind":"plain","required":true},"values":{"type":["list","string"],"description_kind":"plain","required":true}},"description_kind":"plain"}}},"description_kind":"plain"}},"query":{"nesting_mode":"set","block":{"attributes":{"name":{"type":"string","description_kind":"plain","required":true},"values":{"type":["list","string"],"description_kind":"plain","required":true}},"description_kind":"plain"}}},"description_kind":"plain"}}},"description_kind":"plain"}},"route":{"nesting_mode":"list","block":{"attributes":{"group":{"type":"string","description_kind":"plain","optional":true},"terminal":{"type":"bool","description_kind":"plain","optional":true}},"block_types":{"handle":{"nesting_mode":"list","block":{"block_types":{"file_server":{"nesting_mode":"set","block":{"attributes":{"canonical_uris":{"type":"bool","description_kind":"plain","optional":true},"hide":{"type":["list","string"],"description_kind":"plain","optional":true},"index_names":{"type":["list","string"],"description_kind":"plain","optional":true},"pass_thru":{"type":"bool","description_kind":"plain","optional":true},"root":{"type":"string","description_kind":"plain","optional":true}},"description_kind":"plain"},"max_items":1},"request_body":{"nesting_mode":"set","block":{"attributes":{"max_size":{"type":"number","description_kind":"plain","required":true}},"description_kind":"plain"},"max_items":1},"reverse_proxy":{"nesting_mode":"set","block":{"block_types":{"upstream":{"nesting_mode":"list","block":{"attributes":{"dial":{"type":"string","description_kind":"plain","optional":true}},"description_kind":"plain"},"min_items":1}},"description_kind":"plain"},"max_items":1},"static_response":{"nesting_mode":"set","block":{"attributes":{"body":{"type":"string","description_kind":"plain","optional":true},"close":{"type":"bool","description_kind":"plain","optional":true},"status_code":{"type":"string","description_kind":"plain","optional":true}},"block_types":{"header":{"nesting_mode":"set","block":{"attributes":{"name":{"type":"string","description_kind":"plain","required":true},"values":{"type":["list","string"],"description_kind":"plain","required":true}},"description_kind":"plain"}}},"description_kind":"plain"},"max_items":1},"subroute":{"nesting_mode":"set","block":{"block_types":{"error":{"nesting_mode":"list","block":{"attributes":{"group":{"type":"string","description_kind":"plain","optional":true},"terminal":{"type":"bool","description_kind":"plain","optional":true}},"block_types":{"handle":{"nesting_mode":"list","block":{"block_types":{"file_server":{"nesting_mode":"set","block":{"attributes":{"canonical_uris":{"type":"bool","description_kind":"plain","optional":true},"hide":{"type":["list","string"],"description_kind":"plain","optional":true},"index_names":{"type":["list","string"],"description_kind":"plain","optional":true},"pass_thru":{"type":"bool","description_kind":"plain","optional":true},"root":{"type":"string","description_kind":"plain","optional":true}},"description_kind":"plain"},"max_items":1},"request_body":{"nesting_mode":"set","block":{"attributes":{"max_size":{"type":"number","description_kind":"plain","required":true}},"description_kind":"plain"},"max_items":1},"reverse_proxy":{"nesting_mode":"set","block":{"block_types":{"upstream":{"nesting_mode":"list","block":{"attributes":{"dial":{"type":"string","description_kind":"plain","optional":true}},"description_kind":"plain"},"min_items":1}},"description_kind":"plain"},"max_items":1},"static_response":{"nesting_mode":"set","block":{"attributes":{"body":{"type":"string","description_kind":"plain","optional":true},"close":{"type":"bool","description_kind":"plain","optional":true},"status_code":{"type":"string","description_kind":"plain","optional":true}},"block_types":{"header":{"nesting_mode":"set","block":{"attributes":{"name":{"type":"string","description_kind":"plain","required":true},"values":{"type":["list","string"],"description_kind":"plain","required":true}},"description_kind":"plain"}}},"description_kind":"plain"},"max_items":1},"subroute":{"nesting_mode":"set","block":{"block_types":{"error":{"nesting_mode":"list","block":{"attributes":{"group":{"type":"string","description_kind":"plain","optional":true},"terminal":{"type":"bool","description_kind":"plain","optional":true}},"block_types":{"handle":{"nesting_mode":"list","block":{"block_types":{"file_server":{"nesting_mode":"set","block":{"attributes":{"canonical_uris":{"type":"bool","description_kind":"plain","optional":true},"hide":{"type":["list","string"],"description_kind":"plain","optional":true},"index_names":{"type":["list","string"],"description_kind":"plain","optional":true},"pass_thru":{"type":"bool","description_kind":"plain","optional":true},"root":{"type":"string","description_kind":"plain","optional":true}},"description_kind":"plain"},"max_items":1},"request_body":{"nesting_mode":"set","block":{"attributes":{"max_size":{"type":"number","description_kind":"plain","required":true}},"description_kind":"plain"},"max_items":1},"reverse_proxy":{"nesting_mode":"set","block":{"block_types":{"upstream":{"nesting_mode":"list","block":{"attributes":{"dial":{"type":"string","description_kind":"plain","optional":true}},"description_kind":"plain"},"min_items":1}},"description_kind":"plain"},"max_items":1},"static_response":{"nesting_mode":"set","block":{"attributes":{"body":{"type":"string","description_kind":"plain","optional":true},"close":{"type":"bool","description_kind":"plain","optional":true},"status_code":{"type":"string","description_kind":"plain","optional":true}},"block_types":{"header":{"nesting_mode":"set","block":{"attributes":{"name":{"type":"string","description_kind":"plain","required":true},"values":{"type":["list","string"],"description_kind":"plain","required":true}},"description_kind":"plain"}}},"description_kind":"plain"},"max_items":1},"subroute":{"nesting_mode":"set","block":{"block_types":{"error":{"nesting_mode":"list","block":{"attributes":{"group":{"type":"string","description_kind":"plain","optional":true},"terminal":{"type":"bool","description_kind":"plain","optional":true}},"block_types":{"handle":{"nesting_mode":"list","block":{"block_types":{"file_server":{"nesting_mode":"set","block":{"attributes":{"canonical_uris":{"type":"bool","description_kind":"plain","optional":true},"hide":{"type":["list","string"],"description_kind":"plain","optional":true},"index_names":{"type":["list","string"],"description_kind":"plain","optional":true},"pass_thru":{"type":"bool","description_kind":"plain","optional":true},"root":{"type":"string","description_kind":"plain","optional":true}},"description_kind":"plain"},"max_items":1},"request_body":{"nesting_mode":"set","block":{"attributes":{"max_size":{"type":"number","description_kind":"plain","required":true}},"description_kind":"plain"},"max_items":1},"reverse_proxy":{"nesting_mode":"set","block":{"block_types":{"upstream":{"nesting_mode":"list","block":{"attributes":{"dial":{"type":"string","description_kind":"plain","optional":true}},"description_kind":"plain"},"min_items":1}},"description_kind":"plain"},"max_items":1},"static_response":{"nesting_mode":"set","block":{"attributes":{"body":{"type":"string","description_kind":"plain","optional":true},"close":{"type":"bool","description_kind":"plain","optional":true},"status_code":{"type":"string","description_kind":"plain","optional":true}},"block_types":{"header":{"nesting_mode":"set","block":{"attributes":{"name":{"type":"string","description_kind":"plain","required":true},"values":{"type":["list","string"],"description_kind":"plain","required":true}},"description_kind":"plain"}}},"description_kind":"plain"},"max_items":1},"templates":{"nesting_mode":"set","block":{"attributes":{"delimiters":{"type":["list","string"],"description_kind":"plain","optional":true},"file_root":{"type":"string","description_kind":"plain","optional":true},"mime_types":{"type":["list","string"],"description_kind":"plain","optional":true}},"description_kind":"plain"},"max_items":1}},"description_kind":"plain"}},"match":{"nesting_mode":"list","block":{"attributes":{"host":{"type":["list","string"],"description_kind":"plain","optional":true},"method":{"type":["list","string"],"description_kind":"plain","optional":true},"path":{"type":["list","string"],"description_kind":"plain","optional":true}},"block_types":{"header":{"nesting_mode":"set","block":{"attributes":{"name":{"type":"string","description_kind":"plain","required":true},"values":{"type":["list","string"],"description_kind":"plain","required":true}},"description_kind":"plain"}},"not":{"nesting_mode":"list","block":{"attributes":{"host":{"type":["list","string"],"description_kind":"plain","optional":true},"method":{"type":["list","string"],"description_kind":"plain","optional":true},"path":{"type":["list","string"],"description_kind":"plain","optional":true}},"block_types":{"header":{"nesting_mode":"set","block":{"attributes":{"name":{"type":"string","description_kind":"plain","required":true},"values":{"type":["list","string"],"description_kind":"plain","required":true}},"description_kind":"plain"}},"query":{"nesting_mode":"set","block":{"attributes":{"name":{"type":"string","description_kind":"plain","required":true},"values":{"type":["list","string"],"description_kind":"plain","required":true}},"description_kind":"plain"}}},"description_kind":"plain"}},"query":{"nesting_mode":"set","block":{"attributes":{"name":{"type":"string","description_kind":"plain","required":true},"values":{"type":["list","string"],"description_kind":"plain","required":true}},"description_kind":"plain"}}},"description_kind":"plain"}}},"description_kind":"plain"}},"route":{"nesting_mode":"list","block":{"attributes":{"group":{"type":"string","description_kind":"plain","optional":true},"terminal":{"type":"bool","description_kind":"plain","optional":true}},"block_types":{"handle":{"nesting_mode":"list","block":{"block_types":{"file_server":{"nesting_mode":"set","block":{"attributes":{"canonical_uris":{"type":"bool","description_kind":"plain","optional":true},"hide":{"type":["list","string"],"description_kind":"plain","optional":true},"index_names":{"type":["list","string"],"description_kind":"plain","optional":true},"pass_thru":{"type":"bool","description_kind":"plain","optional":true},"root":{"type":"string","description_kind":"plain","optional":true}},"description_kind":"plain"},"max_items":1},"request_body":{"nesting_mode":"set","block":{"attributes":{"max_size":{"type":"number","description_kind":"plain","required":true}},"description_kind":"plain"},"max_items":1},"reverse_proxy":{"nesting_mode":"set","block":{"block_types":{"upstream":{"nesting_mode":"list","block":{"attributes":{"dial":{"type":"string","description_kind":"plain","optional":true}},"description_kind":"plain"},"min_items":1}},"description_kind":"plain"},"max_items":1},"static_response":{"nesting_mode":"set","block":{"attributes":{"body":{"type":"string","description_kind":"plain","optional":true},"close":{"type":"bool","description_kind":"plain","optional":true},"status_code":{"type":"string","description_kind":"plain","optional":true}},"block_types":{"header":{"nesting_mode":"set","block":{"attributes":{"name":{"type":"string","description_kind":"plain","required":true},"values":{"type":["list","string"],"description_kind":"plain","required":true}},"description_kind":"plain"}}},"description_kind":"plain"},"max_items":1},"templates":{"nesting_mode":"set","block":{"attributes":{"delimiters":{"type":["list","string"],"description_kind":"plain","optional":true},"file_root":{"type":"string","description_kind":"plain","optional":true},"mime_types":{"type":["list","string"],"description_kind":"plain","optional":true}},"description_kind":"plain"},"max_items":1}},"description_kind":"plain"}},"match":{"nesting_mode":"list","block":{"attributes":{"host":{"type":["list","string"],"description_kind":"plain","optional":true},"method":{"type":["list","string"],"description_kind":"plain","optional":true},"path":{"type":["list","string"],"description_kind":"plain","optional":true}},"block_types":{"header":{"nesting_mode":"set","block":{"attributes":{"name":{"type":"string","description_kind":"plain","required":true},"values":{"type":["list","string"],"description_kind":"plain","required":true}},"description_kind":"plain"}},"not":{"nesting_mode":"list","block":{"attributes":{"host":{"type":["list","string"],"description_kind":"plain","optional":true},"method":{"type":["list","string"],"description_kind":"plain","optional":true},"path":{"type":["list","string"],"description_kind":"plain","optional":true}},"block_types":{"header":{"nesting_mode":"set","block":{"attributes":{"name":{"type":"string","description_kind":"plain","required":true},"values":{"type":["list","string"],"description_kind":"plain","required":true}},"description_kind":"plain"}},"query":{"nesting_mode":"set","block":{"attributes":{"name":{"type":"string","description_kind":"plain","required":true},"values":{"type":["list","string"],"description_kind":"plain","required":true}},"description_kind":"plain"}}},"description_kind":"plain"}},"query":{"nesting_mode":"set","block":{"attributes":{"name":{"type":"string","description_kind":"plain","required":true},"values":{"type":["list","string"],"description_kind":"plain","required":true}},"description_kind":"plain"}}},"description_kind":"plain"}}},"description_kind":"plain"}}},"description_kind":"plain"},"max_items":1},"templates":{"nesting_mode":"set","block":{"attributes":{"delimiters":{"type":["list","string"],"description_kind":"plain","optional":true},"file_root":{"type":"string","description_kind":"plain","optional":true},"mime_types":{"type":["list","string"],"description_kind":"plain","optional":true}},"description_kind":"plain"},"max_items":1}},"description_kind":"plain"}},"match":{"nesting_mode":"list","block":{"attributes":{"host":{"type":["list","string"],"description_kind":"plain","optional":true},"method":{"type":["list","string"],"description_kind":"plain","optional":true},"path":{"type":["list","string"],"description_kind":"plain","optional":true}},"block_types":{"header":{"nesting_mode":"set","block":{"attributes":{"name":{"type":"string","description_kind":"plain","required":true},"values":{"type":["list","string"],"description_kind":"plain","required":true}},"description_kind":"plain"}},"not":{"nesting_mode":"list","block":{"attributes":{"host":{"type":["list","string"],"description_kind":"plain","optional":true},"method":{"type":["list","string"],"description_kind":"plain","optional":true},"path":{"type":["list","string"],"description_kind":"plain","optional":true}},"block_types":{"header":{"nesting_mode":"set","block":{"attributes":{"name":{"type":"string","description_kind":"plain","required":true},"values":{"type":["list","string"],"description_kind":"plain","required":true}},"description_kind":"plain"}},"query":{"nesting_mode":"set","block":{"attributes":{"name":{"type":"string","description_kind":"plain","required":true},"values":{"type":["list","string"],"description_kind":"plain","required":true}},"description_kind":"plain"}}},"description_kind":"plain"}},"query":{"nesting_mode":"set","block":{"attributes":{"name":{"type":"string","description_kind":"plain","required":true},"values":{"type":["list","string"],"description_kind":"plain","required":true}},"description_kind":"plain"}}},"description_kind":"plain"}}},"description_kind":"plain"}},"route":{"nesting_mode":"list","block":{"attributes":{"group":{"type":"string","description_kind":"plain","optional":true},"terminal":{"type":"bool","description_kind":"plain","optional":true}},"block_types":{"handle":{"nesting_mode":"list","block":{"block_types":{"file_server":{"nesting_mode":"set","block":{"attributes":{"canonical_uris":{"type":"bool","description_kind":"plain","optional":true},"hide":{"type":["list","string"],"description_kind":"plain","optional":true},"index_names":{"type":["list","string"],"description_kind":"plain","optional":true},"pass_thru":{"type":"bool","description_kind":"plain","optional":true},"root":{"type":"string","description_kind":"plain","optional":true}},"description_kind":"plain"},"max_items":1},"request_body":{"nesting_mode":"set","block":{"attributes":{"max_size":{"type":"number","description_kind":"plain","required":true}},"description_kind":"plain"},"max_items":1},"reverse_proxy":{"nesting_mode":"set","block":{"block_types":{"upstream":{"nesting_mode":"list","block":{"attributes":{"dial":{"type":"string","description_kind":"plain","optional":true}},"description_kind":"plain"},"min_items":1}},"description_kind":"plain"},"max_items":1},"static_response":{"nesting_mode":"set","block":{"attributes":{"body":{"type":"string","description_kind":"plain","optional":true},"close":{"type":"bool","description_kind":"plain","optional":true},"status_code":{"type":"string","description_kind":"plain","optional":true}},"block_types":{"header":{"nesting_mode":"set","block":{"attributes":{"name":{"type":"string","description_kind":"plain","required":true},"values":{"type":["list","string"],"description_kind":"plain","required":true}},"description_kind":"plain"}}},"description_kind":"plain"},"max_items":1},"subroute":{"nesting_mode":"set","block":{"block_types":{"error":{"nesting_mode":"list","block":{"attributes":{"group":{"type":"string","description_kind":"plain","optional":true},"terminal":{"type":"bool","description_kind":"plain","optional":true}},"block_types":{"handle":{"nesting_mode":"list","block":{"block_types":{"file_server":{"nesting_mode":"set","block":{"attributes":{"canonical_uris":{"type":"bool","description_kind":"plain","optional":true},"hide":{"type":["list","string"],"description_kind":"plain","optional":true},"index_names":{"type":["list","string"],"description_kind":"plain","optional":true},"pass_thru":{"type":"bool","description_kind":"plain","optional":true},"root":{"type":"string","description_kind":"plain","optional":true}},"description_kind":"plain"},"max_items":1},"request_body":{"nesting_mode":"set","block":{"attributes":{"max_size":{"type":"number","description_kind":"plain","required":true}},"description_kind":"plain"},"max_items":1},"reverse_proxy":{"nesting_mode":"set","block":{"block_types":{"upstream":{"nesting_mode":"list","block":{"attributes":{"dial":{"type":"string","description_kind":"plain","optional":true}},"description_kind":"plain"},"min_items":1}},"description_kind":"plain"},"max_items":1},"static_response":{"nesting_mode":"set","block":{"attributes":{"body":{"type":"string","description_kind":"plain","optional":true},"close":{"type":"bool","description_kind":"plain","optional":true},"status_code":{"type":"string","description_kind":"plain","optional":true}},"block_types":{"header":{"nesting_mode":"set","block":{"attributes":{"name":{"type":"string","description_kind":"plain","required":true},"values":{"type":["list","string"],"description_kind":"plain","required":true}},"description_kind":"plain"}}},"description_kind":"plain"},"max_items":1},"templates":{"nesting_mode":"set","block":{"attributes":{"delimiters":{"type":["list","string"],"description_kind":"plain","optional":true},"file_root":{"type":"string","description_kind":"plain","optional":true},"mime_types":{"type":["list","string"],"description_kind":"plain","optional":true}},"description_kind":"plain"},"max_items":1}},"description_kind":"plain"}},"match":{"nesting_mode":"list","block":{"attributes":{"host":{"type":["list","string"],"description_kind":"plain","optional":true},"method":{"type":["list","string"],"description_kind":"plain","optional":true},"path":{"type":["list","string"],"description_kind":"plain","optional":true}},"block_types":{"header":{"nesting_mode":"set","block":{"attributes":{"name":{"type":"string","description_kind":"plain","required":true},"values":{"type":["list","string"],"description_kind":"plain","required":true}},"description_kind":"plain"}},"not":{"nesting_mode":"list","block":{"attributes":{"host":{"type":["list","string"],"description_kind":"plain","optional":true},"method":{"type":["list","string"],"description_kind":"plain","optional":true},"path":{"type":["list","string"],"description_kind":"plain","optional":true}},"block_types":{"header":{"nesting_mode":"set","block":{"attributes":{"name":{"type":"string","description_kind":"plain","required":true},"values":{"type":["list","string"],"description_kind":"plain","required":true}},"description_kind":"plain"}},"query":{"nesting_mode":"set","block":{"attributes":{"name":{"type":"string","description_kind":"plain","required":true},"values":{"type":["list","string"],"description_kind":"plain","required":true}},"description_kind":"plain"}}},"description_kind":"plain"}},"query":{"nesting_mode":"set","block":{"attributes":{"name":{"type":"string","description_kind":"plain","required":true},"values":{"type":["list","string"],"description_kind":"plain","required":true}},"description_kind":"plain"}}},"description_kind":"plain"}}},"description_kind":"plain"}},"route":{"nesting_mode":"list","block":{"attributes":{"group":{"type":"string","description_kind":"plain","optional":true},"terminal":{"type":"bool","description_kind":"plain","optional":true}},"block_types":{"handle":{"nesting_mode":"list","block":{"block_types":{"file_server":{"nesting_mode":"set","block":{"attributes":{"canonical_uris":{"type":"bool","description_kind":"plain","optional":true},"hide":{"type":["list","string"],"description_kind":"plain","optional":true},"index_names":{"type":["list","string"],"description_kind":"plain","optional":true},"pass_thru":{"type":"bool","description_kind":"plain","optional":true},"root":{"type":"string","description_kind":"plain","optional":true}},"description_kind":"plain"},"max_items":1},"request_body":{"nesting_mode":"set","block":{"attributes":{"max_size":{"type":"number","description_kind":"plain","required":true}},"description_kind":"plain"},"max_items":1},"reverse_proxy":{"nesting_mode":"set","block":{"block_types":{"upstream":{"nesting_mode":"list","block":{"attributes":{"dial":{"type":"string","description_kind":"plain","optional":true}},"description_kind":"plain"},"min_items":1}},"description_kind":"plain"},"max_items":1},"static_response":{"nesting_mode":"set","block":{"attributes":{"body":{"type":"string","description_kind":"plain","optional":true},"close":{"type":"bool","description_kind":"plain","optional":true},"status_code":{"type":"string","description_kind":"plain","optional":true}},"block_types":{"header":{"nesting_mode":"set","block":{"attributes":{"name":{"type":"string","description_kind":"plain","required":true},"values":{"type":["list","string"],"description_kind":"plain","required":true}},"description_kind":"plain"}}},"description_kind":"plain"},"max_items":1},"templates":{"nesting_mode":"set","block":{"attributes":{"delimiters":{"type":["list","string"],"description_kind":"plain","optional":true},"file_root":{"type":"string","description_kind":"plain","optional":true},"mime_types":{"type":["list","string"],"description_kind":"plain","optional":true}},"description_kind":"plain"},"max_items":1}},"description_kind":"plain"}},"match":{"nesting_mode":"list","block":{"attributes":{"host":{"type":["list","string"],"description_kind":"plain","optional":true},"method":{"type":["list","string"],"description_kind":"plain","optional":true},"path":{"type":["list","string"],"description_kind":"plain","optional":true}},"block_types":{"header":{"nesting_mode":"set","block":{"attributes":{"name":{"type":"string","description_kind":"plain","required":true},"values":{"type":["list","string"],"description_kind":"plain","required":true}},"description_kind":"plain"}},"not":{"nesting_mode":"list","block":{"attributes":{"host":{"type":["list","string"],"description_kind":"plain","optional":true},"method":{"type":["list","string"],"description_kind":"plain","optional":true},"path":{"type":["list","string"],"description_kind":"plain","optional":true}},"block_types":{"header":{"nesting_mode":"set","block":{"attributes":{"name":{"type":"string","description_kind":"plain","required":true},"values":{"type":["list","string"],"description_kind":"plain","required":true}},"description_kind":"plain"}},"query":{"nesting_mode":"set","block":{"attributes":{"name":{"type":"string","description_kind":"plain","required":true},"values":{"type":["list","string"],"description_kind":"plain","required":true}},"description_kind":"plain"}}},"description_kind":"plain"}},"query":{"nesting_mode":"set","block":{"attributes":{"name":{"type":"string","description_kind":"plain","required":true},"values":{"type":["list","string"],"description_kind":"plain","required":true}},"description_kind":"plain"}}},"description_kind":"plain"}}},"description_kind":"plain"}}},"description_kind":"plain"},"max_items":1},"templates":{"nesting_mode":"set","block":{"attributes":{"delimiters":{"type":["list","string"],"description_kind":"plain","optional":true},"file_root":{"type":"string","description_kind":"plain","optional":true},"mime_types":{"type":["list","string"],"description_kind":"plain","optional":true}},"description_kind":"plain"},"max_items":1}},"description_kind":"plain"}},"match":{"nesting_mode":"list","block":{"attributes":{"host":{"type":["list","string"],"description_kind":"plain","optional":true},"method":{"type":["list","string"],"description_kind":"plain","optional":true},"path":{"type":["list","string"],"description_kind":"plain","optional":true}},"block_types":{"header":{"nesting_mode":"set","block":{"attributes":{"name":{"type":"string","description_kind":"plain","required":true},"values":{"type":["list","string"],"description_kind":"plain","required":true}},"description_kind":"plain"}},"not":{"nesting_mode":"list","block":{"attributes":{"host":{"type":["list","string"],"description_kind":"plain","optional":true},"method":{"type":["list","string"],"description_kind":"plain","optional":true},"path":{"type":["list","string"],"description_kind":"plain","optional":true}},"block_types":{"header":{"nesting_mode":"set","block":{"attributes":{"name":{"type":"string","description_kind":"plain","required":true},"values":{"type":["list","string"],"description_kind":"plain","required":true}},"description_kind":"plain"}},"query":{"nesting_mode":"set","block":{"attributes":{"name":{"type":"string","description_kind":"plain","required":true},"values":{"type":["list","string"],"description_kind":"plain","required":true}},"description_kind":"plain"}}},"description_kind":"plain"}},"query":{"nesting_mode":"set","block":{"attributes":{"name":{"type":"string","description_kind":"plain","required":true},"values":{"type":["list","string"],"description_kind":"plain","required":true}},"description_kind":"plain"}}},"description_kind":"plain"}}},"description_kind":"plain"}}},"description_kind":"plain"},"max_items":1},"templates":{"nesting_mode":"set","block":{"attributes":{"delimiters":{"type":["list","string"],"description_kind":"plain","optional":true},"file_root":{"type":"string","description_kind":"plain","optional":true},"mime_types":{"type":["list","string"],"description_kind":"plain","optional":true}},"description_kind":"plain"},"max_items":1}},"description_kind":"plain"}},"match":{"nesting_mode":"list","block":{"attributes":{"host":{"type":["list","string"],"description_kind":"plain","optional":true},"method":{"type":["list","string"],"description_kind":"plain","optional":true},"path":{"type":["list","string"],"description_kind":"plain","optional":true}},"block_types":{"header":{"nesting_mode":"set","block":{"attributes":{"name":{"type":"string","description_kind":"plain","required":true},"values":{"type":["list","string"],"description_kind":"plain","required":true}},"description_kind":"plain"}},"not":{"nesting_mode":"list","block":{"attributes":{"host":{"type":["list","string"],"description_kind":"plain","optional":true},"method":{"type":["list","string"],"description_kind":"plain","optional":true},"path":{"type":["list","string"],"description_kind":"plain","optional":true}},"block_types":{"header":{"nesting_mode":"set","block":{"attributes":{"name":{"type":"string","description_kind":"plain","required":true},"values":{"type":["list","string"],"description_kind":"plain","required":true}},"description_kind":"plain"}},"query":{"nesting_mode":"set","block":{"attributes":{"name":{"type":"string","description_kind":"plain","required":true},"values":{"type":["list","string"],"description_kind":"plain","required":true}},"description_kind":"plain"}}},"description_kind":"plain"}},"query":{"nesting_mode":"set","block":{"attributes":{"name":{"type":"string","description_kind":"plain","required":true},"values":{"type":["list","string"],"description_kind":"plain","required":true}},"description_kind":"plain"}}},"description_kind":"plain"}}},"description_kind":"plain"}},"route":{"nesting_mode":"list","block":{"attributes":{"group":{"type":"string","description_kind":"plain","optional":true},"terminal":{"type":"bool","description_kind":"plain","optional":true}},"block_types":{"handle":{"nesting_mode":"list","block":{"block_types":{"file_server":{"nesting_mode":"set","block":{"attributes":{"canonical_uris":{"type":"bool","description_kind":"plain","optional":true},"hide":{"type":["list","string"],"description_kind":"plain","optional":true},"index_names":{"type":["list","string"],"description_kind":"plain","optional":true},"pass_thru":{"type":"bool","description_kind":"plain","optional":true},"root":{"type":"string","description_kind":"plain","optional":true}},"description_kind":"plain"},"max_items":1},"request_body":{"nesting_mode":"set","block":{"attributes":{"max_size":{"type":"number","description_kind":"plain","required":true}},"description_kind":"plain"},"max_items":1},"reverse_proxy":{"nesting_mode":"set","block":{"block_types":{"upstream":{"nesting_mode":"list","block":{"attributes":{"dial":{"type":"string","description_kind":"plain","optional":true}},"description_kind":"plain"},"min_items":1}},"description_kind":"plain"},"max_items":1},"static_response":{"nesting_mode":"set","block":{"attributes":{"body":{"type":"string","description_kind":"plain","optional":true},"close":{"type":"bool","description_kind":"plain","optional":true},"status_code":{"type":"string","description_kind":"plain","optional":true}},"block_types":{"header":{"nesting_mode":"set","block":{"attributes":{"name":{"type":"string","description_kind":"plain","required":true},"values":{"type":["list","string"],"description_kind":"plain","required":true}},"description_kind":"plain"}}},"description_kind":"plain"},"max_items":1},"subroute":{"nesting_mode":"set","block":{"block_types":{"error":{"nesting_mode":"list","block":{"attributes":{"group":{"type":"string","description_kind":"plain","optional":true},"terminal":{"type":"bool","description_kind":"plain","optional":true}},"block_types":{"handle":{"nesting_mode":"list","block":{"block_types":{"file_server":{"nesting_mode":"set","block":{"attributes":{"canonical_uris":{"type":"bool","description_kind":"plain","optional":true},"hide":{"type":["list","string"],"description_kind":"plain","optional":true},"index_names":{"type":["list","string"],"description_kind":"plain","optional":true},"pass_thru":{"type":"bool","description_kind":"plain","optional":true},"root":{"type":"string","description_kind":"plain","optional":true}},"description_kind":"plain"},"max_items":1},"request_body":{"nesting_mode":"set","block":{"attributes":{"max_size":{"type":"number","description_kind":"plain","required":true}},"description_kind":"plain"},"max_items":1},"reverse_proxy":{"nesting_mode":"set","block":{"block_types":{"upstream":{"nesting_mode":"list","block":{"attributes":{"dial":{"type":"string","description_kind":"plain","optional":true}},"description_kind":"plain"},"min_items":1}},"description_kind":"plain"},"max_items":1},"static_response":{"nesting_mode":"set","block":{"attributes":{"body":{"type":"string","description_kind":"plain","optional":true},"close":{"type":"bool","description_kind":"plain","optional":true},"status_code":{"type":"string","description_kind":"plain","optional":true}},"block_types":{"header":{"nesting_mode":"set","block":{"attributes":{"name":{"type":"string","description_kind":"plain","required":true},"values":{"type":["list","string"],"description_kind":"plain","required":true}},"description_kind":"plain"}}},"description_kind":"plain"},"max_items":1},"subroute":{"nesting_mode":"set","block":{"block_types":{"error":{"nesting_mode":"list","block":{"attributes":{"group":{"type":"string","description_kind":"plain","optional":true},"terminal":{"type":"bool","description_kind":"plain","optional":true}},"block_types":{"handle":{"nesting_mode":"list","block":{"block_types":{"file_server":{"nesting_mode":"set","block":{"attributes":{"canonical_uris":{"type":"bool","description_kind":"plain","optional":true},"hide":{"type":["list","string"],"description_kind":"plain","optional":true},"index_names":{"type":["list","string"],"description_kind":"plain","optional":true},"pass_thru":{"type":"bool","description_kind":"plain","optional":true},"root":{"type":"string","description_kind":"plain","optional":true}},"description_kind":"plain"},"max_items":1},"request_body":{"nesting_mode":"set","block":{"attributes":{"max_size":{"type":"number","description_kind":"plain","required":true}},"description_kind":"plain"},"max_items":1},"reverse_proxy":{"nesting_mode":"set","block":{"block_types":{"upstream":{"nesting_mode":"list","block":{"attributes":{"dial":{"type":"string","description_kind":"plain","optional":true}},"description_kind":"plain"},"min_items":1}},"description_kind":"plain"},"max_items":1},"static_response":{"nesting_mode":"set","block":{"attributes":{"body":{"type":"string","description_kind":"plain","optional":true},"close":{"type":"bool","description_kind":"plain","optional":true},"status_code":{"type":"string","description_kind":"plain","optional":true}},"block_types":{"header":{"nesting_mode":"set","block":{"attributes":{"name":{"type":"string","description_kind":"plain","required":true},"values":{"type":["list","string"],"description_kind":"plain","required":true}},"description_kind":"plain"}}},"description_kind":"plain"},"max_items":1},"templates":{"nesting_mode":"set","block":{"attributes":{"delimiters":{"type":["list","string"],"description_kind":"plain","optional":true},"file_root":{"type":"string","description_kind":"plain","optional":true},"mime_types":{"type":["list","string"],"description_kind":"plain","optional":true}},"description_kind":"plain"},"max_items":1}},"description_kind":"plain"}},"match":{"nesting_mode":"list","block":{"attributes":{"host":{"type":["list","string"],"description_kind":"plain","optional":true},"method":{"type":["list","string"],"description_kind":"plain","optional":true},"path":{"type":["list","string"],"description_kind":"plain","optional":true}},"block_types":{"header":{"nesting_mode":"set","block":{"attributes":{"name":{"type":"string","description_kind":"plain","required":true},"values":{"type":["list","string"],"description_kind":"plain","required":true}},"description_kind":"plain"}},"not":{"nesting_mode":"list","block":{"attributes":{"host":{"type":["list","string"],"description_kind":"plain","optional":true},"method":{"type":["list","string"],"description_kind":"plain","optional":true},"path":{"type":["list","string"],"description_kind":"plain","optional":true}},"block_types":{"header":{"nesting_mode":"set","block":{"attributes":{"name":{"type":"string","description_kind":"plain","required":true},"values":{"type":["list","string"],"description_kind":"plain","required":true}},"description_kind":"plain"}},"query":{"nesting_mode":"set","block":{"attributes":{"name":{"type":"string","description_kind":"plain","required":true},"values":{"type":["list","string"],"description_kind":"plain","required":true}},"description_kind":"plain"}}},"description_kind":"plain"}},"query":{"nesting_mode":"set","block":{"attributes":{"name":{"type":"string","description_kind":"plain","required":true},"values":{"type":["list","string"],"description_kind":"plain","required":true}},"description_kind":"plain"}}},"description_kind":"plain"}}},"description_kind":"plain"}},"route":{"nesting_mode":"list","block":{"attributes":{"group":{"type":"string","description_kind":"plain","optional":true},"terminal":{"type":"bool","description_kind":"plain","optional":true}},"block_types":{"handle":{"nesting_mode":"list","block":{"block_types":{"file_server":{"nesting_mode":"set","block":{"attributes":{"canonical_uris":{"type":"bool","description_kind":"plain","optional":true},"hide":{"type":["list","string"],"description_kind":"plain","optional":true},"index_names":{"type":["list","string"],"description_kind":"plain","optional":true},"pass_thru":{"type":"bool","description_kind":"plain","optional":true},"root":{"type":"string","description_kind":"plain","optional":true}},"description_kind":"plain"},"max_items":1},"request_body":{"nesting_mode":"set","block":{"attributes":{"max_size":{"type":"number","description_kind":"plain","required":true}},"description_kind":"plain"},"max_items":1},"reverse_proxy":{"nesting_mode":"set","block":{"block_types":{"upstream":{"nesting_mode":"list","block":{"attributes":{"dial":{"type":"string","description_kind":"plain","optional":true}},"description_kind":"plain"},"min_items":1}},"description_kind":"plain"},"max_items":1},"static_response":{"nesting_mode":"set","block":{"attributes":{"body":{"type":"string","description_kind":"plain","optional":true},"close":{"type":"bool","description_kind":"plain","optional":true},"status_code":{"type":"string","description_kind":"plain","optional":true}},"block_types":{"header":{"nesting_mode":"set","block":{"attributes":{"name":{"type":"string","description_kind":"plain","required":true},"values":{"type":["list","string"],"description_kind":"plain","required":true}},"description_kind":"plain"}}},"description_kind":"plain"},"max_items":1},"templates":{"nesting_mode":"set","block":{"attributes":{"delimiters":{"type":["list","string"],"description_kind":"plain","optional":true},"file_root":{"type":"string","description_kind":"plain","optional":true},"mime_types":{"type":["list","string"],"description_kind":"plain","optional":true}},"description_kind":"plain"},"max_items":1}},"description_kind":"plain"}},"match":{"nesting_mode":"list","block":{"attributes":{"host":{"type":["list","string"],"description_kind":"plain","optional":true},"method":{"type":["list","string"],"description_kind":"plain","optional":true},"path":{"type":["list","string"],"description_kind":"plain","optional":true}},"block_types":{"header":{"nesting_mode":"set","block":{"attributes":{"name":{"type":"string","description_kind":"plain","required":true},"values":{"type":["list","string"],"description_kind":"plain","required":true}},"description_kind":"plain"}},"not":{"nesting_mode":"list","block":{"attributes":{"host":{"type":["list","string"],"description_kind":"plain","optional":true},"method":{"type":["list","string"],"description_kind":"plain","optional":true},"path":{"type":["list","string"],"description_kind":"plain","optional":true}},"block_types":{"header":{"nesting_mode":"set","block":{"attributes":{"name":{"type":"string","description_kind":"plain","required":true},"values":{"type":["list","string"],"description_kind":"plain","required":true}},"description_kind":"plain"}},"query":{"nesting_mode":"set","block":{"attributes":{"name":{"type":"string","description_kind":"plain","required":true},"values":{"type":["list","string"],"description_kind":"plain","required":true}},"description_kind":"plain"}}},"description_kind":"plain"}},"query":{"nesting_mode":"set","block":{"attributes":{"name":{"type":"string","description_kind":"plain","required":true},"values":{"type":["list","string"],"description_kind":"plain","required":true}},"description_kind":"plain"}}},"description_kind":"plain"}}},"description_kind":"plain"}}},"description_kind":"plain"},"max_items":1},"templates":{"nesting_mode":"set","block":{"attributes":{"delimiters":{"type":["list","string"],"description_kind":"plain","optional":true},"file_root":{"type":"string","description_kind":"plain","optional":true},"mime_types":{"type":["list","string"],"description_kind":"plain","optional":true}},"description_kind":"plain"},"max_items":1}},"description_kind":"plain"}},"match":{"nesting_mode":"list","block":{"attributes":{"host":{"type":["list","string"],"description_kind":"plain","optional":true},"method":{"type":["list","string"],"description_kind":"plain","optional":true},"path":{"type":["list","string"],"description_kind":"plain","optional":true}},"block_types":{"header":{"nesting_mode":"set","block":{"attributes":{"name":{"type":"string","description_kind":"plain","required":true},"values":{"type":["list","string"],"description_kind":"plain","required":true}},"description_kind":"plain"}},"not":{"nesting_mode":"list","block":{"attributes":{"host":{"type":["list","string"],"description_kind":"plain","optional":true},"method":{"type":["list","string"],"description_kind":"plain","optional":true},"path":{"type":["list","string"],"description_kind":"plain","optional":true}},"block_types":{"header":{"nesting_mode":"set","block":{"attributes":{"name":{"type":"string","description_kind":"plain","required":true},"values":{"type":["list","string"],"description_kind":"plain","required":true}},"description_kind":"plain"}},"query":{"nesting_mode":"set","block":{"attributes":{"name":{"type":"string","description_kind":"plain","required":true},"values":{"type":["list","string"],"description_kind":"plain","required":true}},"description_kind":"plain"}}},"description_kind":"plain"}},"query":{"nesting_mode":"set","block":{"attributes":{"name":{"type":"string","description_kind":"plain","required":true},"values":{"type":["list","string"],"description_kind":"plain","required":true}},"description_kind":"plain"}}},"description_kind":"plain"}}},"description_kind":"plain"}},"route":{"nesting_mode":"list","block":{"attributes":{"group":{"type":"string","description_kind":"plain","optional":true},"terminal":{"type":"bool","description_kind":"plain","optional":true}},"block_types":{"handle":{"nesting_mode":"list","block":{"block_types":{"file_server":{"nesting_mode":"set","block":{"attributes":{"canonical_uris":{"type":"bool","description_kind":"plain","optional":true},"hide":{"type":["list","string"],"description_kind":"plain","optional":true},"index_names":{"type":["list","string"],"description_kind":"plain","optional":true},"pass_thru":{"type":"bool","description_kind":"plain","optional":true},"root":{"type":"string","description_kind":"plain","optional":true}},"description_kind":"plain"},"max_items":1},"request_body":{"nesting_mode":"set","block":{"attributes":{"max_size":{"type":"number","description_kind":"plain","required":true}},"description_kind":"plain"},"max_items":1},"reverse_proxy":{"nesting_mode":"set","block":{"block_types":{"upstream":{"nesting_mode":"list","block":{"attributes":{"dial":{"type":"string","description_kind":"plain","optional":true}},"description_kind":"plain"},"min_items":1}},"description_kind":"plain"},"max_items":1},"static_response":{"nesting_mode":"set","block":{"attributes":{"body":{"type":"string","description_kind":"plain","optional":true},"close":{"type":"bool","description_kind":"plain","optional":true},"status_code":{"type":"string","description_kind":"plain","optional":true}},"block_types":{"header":{"nesting_mode":"set","block":{"attributes":{"name":{"type":"string","description_kind":"plain","required":true},"values":{"type":["list","string"],"description_kind":"plain","required":true}},"description_kind":"plain"}}},"description_kind":"plain"},"max_items":1},"subroute":{"nesting_mode":"set","block":{"block_types":{"error":{"nesting_mode":"list","block":{"attributes":{"group":{"type":"string","description_kind":"plain","optional":true},"terminal":{"type":"bool","description_kind":"plain","optional":true}},"block_types":{"handle":{"nesting_mode":"list","block":{"block_types":{"file_server":{"nesting_mode":"set","block":{"attributes":{"canonical_uris":{"type":"bool","description_kind":"plain","optional":true},"hide":{"type":["list","string"],"description_kind":"plain","optional":true},"index_names":{"type":["list","string"],"description_kind":"plain","optional":true},"pass_thru":{"type":"bool","description_kind":"plain","optional":true},"root":{"type":"string","description_kind":"plain","optional":true}},"description_kind":"plain"},"max_items":1},"request_body":{"nesting_mode":"set","block":{"attributes":{"max_size":{"type":"number","description_kind":"plain","required":true}},"description_kind":"plain"},"max_items":1},"reverse_proxy":{"nesting_mode":"set","block":{"block_types":{"upstream":{"nesting_mode":"list","block":{"attributes":{"dial":{"type":"string","description_kind":"plain","optional":true}},"description_kind":"plain"},"min_items":1}},"description_kind":"plain"},"max_items":1},"static_response":{"nesting_mode":"set","block":{"attributes":{"body":{"type":"string","description_kind":"plain","optional":true},"close":{"type":"bool","description_kind":"plain","optional":true},"status_code":{"type":"string","description_kind":"plain","optional":true}},"block_types":{"header":{"nesting_mode":"set","block":{"attributes":{"name":{"type":"string","description_kind":"plain","required":true},"values":{"type":["list","string"],"description_kind":"plain","required":true}},"description_kind":"plain"}}},"description_kind":"plain"},"max_items":1},"templates":{"nesting_mode":"set","block":{"attributes":{"delimiters":{"type":["list","string"],"description_kind":"plain","optional":true},"file_root":{"type":"string","description_kind":"plain","optional":true},"mime_types":{"type":["list","string"],"description_kind":"plain","optional":true}},"description_kind":"plain"},"max_items":1}},"description_kind":"plain"}},"match":{"nesting_mode":"list","block":{"attributes":{"host":{"type":["list","string"],"description_kind":"plain","optional":true},"method":{"type":["list","string"],"description_kind":"plain","optional":true},"path":{"type":["list","string"],"description_kind":"plain","optional":true}},"block_types":{"header":{"nesting_mode":"set","block":{"attributes":{"name":{"type":"string","description_kind":"plain","required":true},"values":{"type":["list","string"],"description_kind":"plain","required":true}},"description_kind":"plain"}},"not":{"nesting_mode":"list","block":{"attributes":{"host":{"type":["list","string"],"description_kind":"plain","optional":true},"method":{"type":["list","string"],"description_kind":"plain","optional":true},"path":{"type":["list","string"],"description_kind":"plain","optional":true}},"block_types":{"header":{"nesting_mode":"set","block":{"attributes":{"name":{"type":"string","description_kind":"plain","required":true},"values":{"type":["list","string"],"description_kind":"plain","required":true}},"description_kind":"plain"}},"query":{"nesting_mode":"set","block":{"attributes":{"name":{"type":"string","description_kind":"plain","required":true},"values":{"type":["list","string"],"description_kind":"plain","required":true}},"description_kind":"plain"}}},"description_kind":"plain"}},"query":{"nesting_mode":"set","block":{"attributes":{"name":{"type":"string","description_kind":"plain","required":true},"values":{"type":["list","string"],"description_kind":"plain","required":true}},"description_kind":"plain"}}},"description_kind":"plain"}}},"description_kind":"plain"}},"route":{"nesting_mode":"list","block":{"attributes":{"group":{"type":"string","description_kind":"plain","optional":true},"terminal":{"type":"bool","description_kind":"plain","optional":true}},"block_types":{"handle":{"nesting_mode":"list","block":{"block_types":{"file_server":{"nesting_mode":"set","block":{"attributes":{"canonical_uris":{"type":"bool","description_kind":"plain","optional":true},"hide":{"type":["list","string"],"description_kind":"plain","optional":true},"index_names":{"type":["list","string"],"description_kind":"plain","optional":true},"pass_thru":{"type":"bool","description_kind":"plain","optional":true},"root":{"type":"string","description_kind":"plain","optional":true}},"description_kind":"plain"},"max_items":1},"request_body":{"nesting_mode":"set","block":{"attributes":{"max_size":{"type":"number","description_kind":"plain","required":true}},"description_kind":"plain"},"max_items":1},"reverse_proxy":{"nesting_mode":"set","block":{"block_types":{"upstream":{"nesting_mode":"list","block":{"attributes":{"dial":{"type":"string","description_kind":"plain","optional":true}},"description_kind":"plain"},"min_items":1}},"description_kind":"plain"},"max_items":1},"static_response":{"nesting_mode":"set","block":{"attributes":{"body":{"type":"string","description_kind":"plain","optional":true},"close":{"type":"bool","description_kind":"plain","optional":true},"status_code":{"type":"string","description_kind":"plain","optional":true}},"block_types":{"header":{"nesting_mode":"set","block":{"attributes":{"name":{"type":"string","description_kind":"plain","required":true},"values":{"type":["list","string"],"description_kind":"plain","required":true}},"description_kind":"plain"}}},"description_kind":"plain"},"max_items":1},"templates":{"nesting_mode":"set","block":{"attributes":{"delimiters":{"type":["list","string"],"description_kind":"plain","optional":true},"file_root":{"type":"string","description_kind":"plain","optional":true},"mime_types":{"type":["list","string"],"description_kind":"plain","optional":true}},"description_kind":"plain"},"max_items":1}},"description_kind":"plain"}},"match":{"nesting_mode":"list","block":{"attributes":{"host":{"type":["list","string"],"description_kind":"plain","optional":true},"method":{"type":["list","string"],"description_kind":"plain","optional":true},"path":{"type":["list","string"],"description_kind":"plain","optional":true}},"block_types":{"header":{"nesting_mode":"set","block":{"attributes":{"name":{"type":"string","description_kind":"plain","required":true},"values":{"type":["list","string"],"description_kind":"plain","required":true}},"description_kind":"plain"}},"not":{"nesting_mode":"list","block":{"attributes":{"host":{"type":["list","string"],"description_kind":"plain","optional":true},"method":{"type":["list","string"],"description_kind":"plain","optional":true},"path":{"type":["list","string"],"description_kind":"plain","optional":true}},"block_types":{"header":{"nesting_mode":"set","block":{"attributes":{"name":{"type":"string","description_kind":"plain","required":true},"values":{"type":["list","string"],"description_kind":"plain","required":true}},"description_kind":"plain"}},"query":{"nesting_mode":"set","block":{"attributes":{"name":{"type":"string","description_kind":"plain","required":true},"values":{"type":["list","string"],"description_kind":"plain","required":true}},"description_kind":"plain"}}},"description_kind":"plain"}},"query":{"nesting_mode":"set","block":{"attributes":{"name":{"type":"string","description_kind":"plain","required":true},"values":{"type":["list","string"],"description_kind":"plain","required":true}},"description_kind":"plain"}}},"description_kind":"plain"}}},"description_kind":"plain"}}},"description_kind":"plain"},"max_items":1},"templates":{"nesting_mode":"set","block":{"attributes":{"delimiters":{"type":["list","string"],"description_kind":"plain","optional":true},"file_root":{"type":"string","description_kind":"plain","optional":true},"mime_types":{"type":["list","string"],"description_kind":"plain","optional":true}},"description_kind":"plain"},"max_items":1}},"description_kind":"plain"}},"match":{"nesting_mode":"list","block":{"attributes":{"host":{"type":["list","string"],"description_kind":"plain","optional":true},"method":{"type":["list","string"],"description_kind":"plain","optional":true},"path":{"type":["list","string"],"description_kind":"plain","optional":true}},"block_types":{"header":{"nesting_mode":"set","block":{"attributes":{"name":{"type":"string","description_kind":"plain","required":true},"values":{"type":["list","string"],"description_kind":"plain","required":true}},"description_kind":"plain"}},"not":{"nesting_mode":"list","block":{"attributes":{"host":{"type":["list","string"],"description_kind":"plain","optional":true},"method":{"type":["list","string"],"description_kind":"plain","optional":true},"path":{"type":["list","string"],"description_kind":"plain","optional":true}},"block_types":{"header":{"nesting_mode":"set","block":{"attributes":{"name":{"type":"string","description_kind":"plain","required":true},"values":{"type":["list","string"],"description_kind":"plain","required":true}},"description_kind":"plain"}},"query":{"nesting_mode":"set","block":{"attributes":{"name":{"type":"string","description_kind":"plain","required":true},"values":{"type":["list","string"],"description_kind":"plain","required":true}},"description_kind":"plain"}}},"description_kind":"plain"}},"query":{"nesting_mode":"set","block":{"attributes":{"name":{"type":"string","description_kind":"plain","required":true},"values":{"type":["list","string"],"description_kind":"plain","required":true}},"description_kind":"plain"}}},"description_kind":"plain"}}},"description_kind":"plain"}}},"description_kind":"plain"},"max_items":1},"templates":{"nesting_mode":"set","block":{"attributes":{"delimiters":{"type":["list","string"],"description_kind":"plain","optional":true},"file_root":{"type":"string","description_kind":"plain","optional":true},"mime_types":{"type":["list","string"],"description_kind":"plain","optional":true}},"description_kind":"plain"},"max_items":1}},"description_kind":"plain"}},"match":{"nesting_mode":"list","block":{"attributes":{"host":{"type":["list","string"],"description_kind":"plain","optional":true},"method":{"type":["list","string"],"description_kind":"plain","optional":true},"path":{"type":["list","string"],"description_kind":"plain","optional":true}},"block_types":{"header":{"nesting_mode":"set","block":{"attributes":{"name":{"type":"string","description_kind":"plain","required":true},"values":{"type":["list","string"],"description_kind":"plain","required":true}},"description_kind":"plain"}},"not":{"nesting_mode":"list","block":{"attributes":{"host":{"type":["list","string"],"description_kind":"plain","optional":true},"method":{"type":["list","string"],"description_kind":"plain","optional":true},"path":{"type":["list","string"],"description_kind":"plain","optional":true}},"block_types":{"header":{"nesting_mode":"set","block":{"attributes":{"name":{"type":"string","description_kind":"plain","required":true},"values":{"type":["list","string"],"description_kind":"plain","required":true}},"description_kind":"plain"}},"query":{"nesting_mode":"set","block":{"attributes":{"name":{"type":"string","description_kind":"plain","required":true},"values":{"type":["list","string"],"description_kind":"plain","required":true}},"description_kind":"plain"}}},"description_kind":"plain"}},"query":{"nesting_mode":"set","block":{"attributes":{"name":{"type":"string","description_kind":"plain","required":true},"values":{"type":["list","string"],"description_kind":"plain","required":true}},"description_kind":"plain"}}},"description_kind":"plain"}}},"description_kind":"plain"}}},"description_kind":"plain"},"max_items":1},"templates":{"nesting_mode":"set","block":{"attributes":{"delimiters":{"type":["list","string"],"description_kind":"plain","optional":true},"file_root":{"type":"string","description_kind":"plain","optional":true},"mime_types":{"type":["list","string"],"description_kind":"plain","optional":true}},"description_kind":"plain"},"max_items":1}},"description_kind":"plain"}},"match":{"nesting_mode":"list","block":{"attributes":{"host":{"type":["list","string"],"description_kind":"plain","optional":true},"method":{"type":["list","string"],"description_kind":"plain","optional":true},"path":{"type":["list","string"],"description_kind":"plain","optional":true}},"block_types":{"header":{"nesting_mode":"set","block":{"attributes":{"name":{"type":"string","description_kind":"plain","required":true},"values":{"type":["list","string"],"description_kind":"plain","required":true}},"description_kind":"plain"}},"not":{"nesting_mode":"list","block":{"attributes":{"host":{"type":["list","string"],"description_kind":"plain","optional":true},"method":{"type":["list","string"],"description_kind":"plain","optional":true},"path":{"type":["list","string"],"description_kind":"plain","optional":true}},"block_types":{"header":{"nesting_mode":"set","block":{"attributes":{"name":{"type":"string","description_kind":"plain","required":true},"values":{"type":["list","string"],"description_kind":"plain","required":true}},"description_kind":"plain"}},"query":{"nesting_mode":"set","block":{"attributes":{"name":{"type":"string","description_kind":"plain","required":true},"values":{"type":["list","string"],"description_kind":"plain","required":true}},"description_kind":"plain"}}},"description_kind":"plain"}},"query":{"nesting_mode":"set","block":{"attributes":{"name":{"type":"string","description_kind":"plain","required":true},"values":{"type":["list","string"],"description_kind":"plain","required":true}},"description_kind":"plain"}}},"description_kind":"plain"}}},"description_kind":"plain"}}},"description_kind":"plain"},"max_items":1},"templates":{"nesting_mode":"set","block":{"attributes":{"delimiters":{"type":["list","string"],"description_kind":"plain","optional":true},"file_root":{"type":"string","description_kind":"plain","optional":true},"mime_types":{"type":["list","string"],"description_kind":"plain","optional":true}},"description_kind":"plain"},"max_items":1}},"description_kind":"plain"}},"match":{"nesting_mode":"list","block":{"attributes":{"host":{"type":["list","string"],"description_kind":"plain","optional":true},"method":{"type":["list","string"],"description_kind":"plain","optional":true},"path":{"type":["list","string"],"description_kind":"plain","optional":true}},"block_types":{"header":{"nesting_mode":"set","block":{"attributes":{"name":{"type":"string","description_kind":"plain","required":true},"values":{"type":["list","string"],"description_kind":"plain","required":true}},"description_kind":"plain"}},"not":{"nesting_mode":"list","block":{"attributes":{"host":{"type":["list","string"],"description_kind":"plain","optional":true},"method":{"type":["list","string"],"description_kind":"plain","optional":true},"path":{"type":["list","string"],"description_kind":"plain","optional":true}},"block_types":{"header":{"nesting_mode":"set","block":{"attributes":{"name":{"type":"string","description_kind":"plain","required":true},"values":{"type":["list","string"],"description_kind":"plain","required":true}},"description_kind":"plain"}},"query":{"nesting_mode":"set","block":{"attributes":{"name":{"type":"string","description_kind":"plain","required":true},"values":{"type":["list","string"],"description_kind":"plain","required":true}},"description_kind":"plain"}}},"description_kind":"plain"}},"query":{"nesting_mode":"set","block":{"attributes":{"name":{"type":"string","description_kind":"plain","required":true},"values":{"type":["list","string"],"description_kind":"plain","required":true}},"description_kind":"plain"}}},"description_kind":"plain"}}},"description_kind":"plain"}}},"description_kind":"plain"},"max_items":1},"templates":{"nesting_mode":"set","block":{"attributes":{"delimiters":{"type":["list","string"],"description_kind":"plain","optional":true},"file_root":{"type":"string","description_kind":"plain","optional":true},"mime_types":{"type":["list","string"],"description_kind":"plain","optional":true}},"description_kind":"plain"},"max_items":1}},"description_kind":"plain"}},"match":{"nesting_mode":"list","block":{"attributes":{"host":{"type":["list","string"],"description_kind":"plain","optional":true},"method":{"type":["list","string"],"description_kind":"plain","optional":true},"path":{"type":["list","string"],"description_kind":"plain","optional":true}},"block_types":{"header":{"nesting_mode":"set","block":{"attributes":{"name":{"type":"string","description_kind":"plain","required":true},"values":{"type":["list","string"],"description_kind":"plain","required":true}},"description_kind":"plain"}},"not":{"nesting_mode":"list","block":{"attributes":{"host":{"type":["list","string"],"description_kind":"plain","optional":true},"method":{"type":["list","string"],"description_kind":"plain","optional":true},"path":{"type":["list","string"],"description_kind":"plain","optional":true}},"block_types":{"header":{"nesting_mode":"set","block":{"attributes":{"name":{"type":"string","description_kind":"plain","required":true},"values":{"type":["list","string"],"description_kind":"plain","required":true}},"description_kind":"plain"}},"query":{"nesting_mode":"set","block":{"attributes":{"name":{"type":"string","description_kind":"plain","required":true},"values":{"type":["list","string"],"description_kind":"plain","required":true}},"description_kind":"plain"}}},"description_kind":"plain"}},"query":{"nesting_mode":"set","block":{"attributes":{"name":{"type":"string","description_kind":"plain","required":true},"values":{"type":["list","string"],"description_kind":"plain","required":true}},"description_kind":"plain"}}},"description_kind":"plain"}}},"description_kind":"plain"}},"logs":{"nesting_mode":"set","block":{"attributes":{"default_logger_name":{"type":"string","description_kind":"plain","optional":true},"logger_names":{"type":["map","string"],"description_kind":"plain","optional":true},"skip_hosts":{"type":["list","string"],"description_kind":"plain","optional":true},"skip_unmapped_hosts":{"type":"bool","description_kind":"plain","optional":true}},"description_kind":"plain"},"max_items":1},"route":{"nesting_mode":"list","block":{"attributes":{"group":{"type":"string","description_kind":"plain","optional":true},"terminal":{"type":"bool","description_kind":"plain","optional":true}},"block_types":{"handle":{"nesting_mode":"list","block":{"block_types":{"file_server":{"nesting_mode":"set","block":{"attributes":{"canonical_uris":{"type":"bool","description_kind":"plain","optional":true},"hide":{"type":["list","string"],"description_kind":"plain","optional":true},"index_names":{"type":["list","string"],"description_kind":"plain","optional":true},"pass_thru":{"type":"bool","description_kind":"plain","optional":true},"root":{"type":"string","description_kind":"plain","optional":true}},"description_kind":"plain"},"max_items":1},"request_body":{"nesting_mode":"set","block":{"attributes":{"max_size":{"type":"number","description_kind":"plain","required":true}},"description_kind":"plain"},"max_items":1},"reverse_proxy":{"nesting_mode":"set","block":{"block_types":{"upstream":{"nesting_mode":"list","block":{"attributes":{"dial":{"type":"string","description_kind":"plain","optional":true}},"description_kind":"plain"},"min_items":1}},"description_kind":"plain"},"max_items":1},"static_response":{"nesting_mode":"set","block":{"attributes":{"body":{"type":"string","description_kind":"plain","optional":true},"close":{"type":"bool","description_kind":"plain","optional":true},"status_code":{"type":"string","description_kind":"plain","optional":true}},"block_types":{"header":{"nesting_mode":"set","block":{"attributes":{"name":{"type":"string","description_kind":"plain","required":true},"values":{"type":["list","string"],"description_kind":"plain","required":true}},"description_kind":"plain"}}},"description_kind":"plain"},"max_items":1},"subroute":{"nesting_mode":"set","block":{"block_types":{"error":{"nesting_mode":"list","block":{"attributes":{"group":{"type":"string","description_kind":"plain","optional":true},"terminal":{"type":"bool","description_kind":"plain","optional":true}},"block_types":{"handle":{"nesting_mode":"list","block":{"block_types":{"file_server":{"nesting_mode":"set","block":{"attributes":{"canonical_uris":{"type":"bool","description_kind":"plain","optional":true},"hide":{"type":["list","string"],"description_kind":"plain","optional":true},"index_names":{"type":["list","string"],"description_kind":"plain","optional":true},"pass_thru":{"type":"bool","description_kind":"plain","optional":true},"root":{"type":"string","description_kind":"plain","optional":true}},"description_kind":"plain"},"max_items":1},"request_body":{"nesting_mode":"set","block":{"attributes":{"max_size":{"type":"number","description_kind":"plain","required":true}},"description_kind":"plain"},"max_items":1},"reverse_proxy":{"nesting_mode":"set","block":{"block_types":{"upstream":{"nesting_mode":"list","block":{"attributes":{"dial":{"type":"string","description_kind":"plain","optional":true}},"description_kind":"plain"},"min_items":1}},"description_kind":"plain"},"max_items":1},"static_response":{"nesting_mode":"set","block":{"attributes":{"body":{"type":"string","description_kind":"plain","optional":true},"close":{"type":"bool","description_kind":"plain","optional":true},"status_code":{"type":"string","description_kind":"plain","optional":true}},"block_types":{"header":{"nesting_mode":"set","block":{"attributes":{"name":{"type":"string","description_kind":"plain","required":true},"values":{"type":["list","string"],"description_kind":"plain","required":true}},"description_kind":"plain"}}},"description_kind":"plain"},"max_items":1},"subroute":{"nesting_mode":"set","block":{"block_types":{"error":{"nesting_mode":"list","block":{"attributes":{"group":{"type":"string","description_kind":"plain","optional":true},"terminal":{"type":"bool","description_kind":"plain","optional":true}},"block_types":{"handle":{"nesting_mode":"list","block":{"block_types":{"file_server":{"nesting_mode":"set","block":{"attributes":{"canonical_uris":{"type":"bool","description_kind":"plain","optional":true},"hide":{"type":["list","string"],"description_kind":"plain","optional":true},"index_names":{"type":["list","string"],"description_kind":"plain","optional":true},"pass_thru":{"type":"bool","description_kind":"plain","optional":true},"root":{"type":"string","description_kind":"plain","optional":true}},"description_kind":"plain"},"max_items":1},"request_body":{"nesting_mode":"set","block":{"attributes":{"max_size":{"type":"number","description_kind":"plain","required":true}},"description_kind":"plain"},"max_items":1},"reverse_proxy":{"nesting_mode":"set","block":{"block_types":{"upstream":{"nesting_mode":"list","block":{"attributes":{"dial":{"type":"string","description_kind":"plain","optional":true}},"description_kind":"plain"},"min_items":1}},"description_kind":"plain"},"max_items":1},"static_response":{"nesting_mode":"set","block":{"attributes":{"body":{"type":"string","description_kind":"plain","optional":true},"close":{"type":"bool","description_kind":"plain","optional":true},"status_code":{"type":"string","description_kind":"plain","optional":true}},"block_types":{"header":{"nesting_mode":"set","block":{"attributes":{"name":{"type":"string","description_kind":"plain","required":true},"values":{"type":["list","string"],"description_kind":"plain","required":true}},"description_kind":"plain"}}},"description_kind":"plain"},"max_items":1},"subroute":{"nesting_mode":"set","block":{"block_types":{"error":{"nesting_mode":"list","block":{"attributes":{"group":{"type":"string","description_kind":"plain","optional":true},"terminal":{"type":"bool","description_kind":"plain","optional":true}},"block_types":{"handle":{"nesting_mode":"list","block":{"block_types":{"file_server":{"nesting_mode":"set","block":{"attributes":{"canonical_uris":{"type":"bool","description_kind":"plain","optional":true},"hide":{"type":["list","string"],"description_kind":"plain","optional":true},"index_names":{"type":["list","string"],"description_kind":"plain","optional":true},"pass_thru":{"type":"bool","description_kind":"plain","optional":true},"root":{"type":"string","description_kind":"plain","optional":true}},"description_kind":"plain"},"max_items":1},"request_body":{"nesting_mode":"set","block":{"attributes":{"max_size":{"type":"number","description_kind":"plain","required":true}},"description_kind":"plain"},"max_items":1},"reverse_proxy":{"nesting_mode":"set","block":{"block_types":{"upstream":{"nesting_mode":"list","block":{"attributes":{"dial":{"type":"string","description_kind":"plain","optional":true}},"description_kind":"plain"},"min_items":1}},"description_kind":"plain"},"max_items":1},"static_response":{"nesting_mode":"set","block":{"attributes":{"body":{"type":"string","description_kind":"plain","optional":true},"close":{"type":"bool","description_kind":"plain","optional":true},"status_code":{"type":"string","description_kind":"plain","optional":true}},"block_types":{"header":{"nesting_mode":"set","block":{"attributes":{"name":{"type":"string","description_kind":"plain","required":true},"values":{"type":["list","string"],"description_kind":"plain","required":true}},"description_kind":"plain"}}},"description_kind":"plain"},"max_items":1},"subroute":{"nesting_mode":"set","block":{"block_types":{"error":{"nesting_mode":"list","block":{"attributes":{"group":{"type":"string","description_kind":"plain","optional":true},"terminal":{"type":"bool","description_kind":"plain","optional":true}},"block_types":{"handle":{"nesting_mode":"list","block":{"block_types":{"file_server":{"nesting_mode":"set","block":{"attributes":{"canonical_uris":{"type":"bool","description_kind":"plain","optional":true},"hide":{"type":["list","string"],"description_kind":"plain","optional":true},"index_names":{"type":["list","string"],"description_kind":"plain","optional":true},"pass_thru":{"type":"bool","description_kind":"plain","optional":true},"root":{"type":"string","description_kind":"plain","optional":true}},"description_kind":"plain"},"max_items":1},"request_body":{"nesting_mode":"set","block":{"attributes":{"max_size":{"type":"number","description_kind":"plain","required":true}},"description_kind":"plain"},"max_items":1},"reverse_proxy":{"nesting_mode":"set","block":{"block_types":{"upstream":{"nesting_mode":"list","block":{"attributes":{"dial":{"type":"string","description_kind":"plain","optional":true}},"description_kind":"plain"},"min_items":1}},"description_kind":"plain"},"max_items":1},"static_response":{"nesting_mode":"set","block":{"attributes":{"body":{"type":"string","description_kind":"plain","optional":true},"close":{"type":"bool","description_kind":"plain","optional":true},"status_code":{"type":"string","description_kind":"plain","optional":true}},"block_types":{"header":{"nesting_mode":"set","block":{"attributes":{"name":{"type":"string","description_kind":"plain","required":true},"values":{"type":["list","string"],"description_kind":"plain","required":true}},"description_kind":"plain"}}},"description_kind":"plain"},"max_items":1},"subroute":{"nesting_mode":"set","block":{"block_types":{"error":{"nesting_mode":"list","block":{"attributes":{"group":{"type":"string","description_kind":"plain","optional":true},"terminal":{"type":"bool","description_kind":"plain","optional":true}},"block_types":{"handle":{"nesting_mode":"list","block":{"block_types":{"file_server":{"nesting_mode":"set","block":{"attributes":{"canonical_uris":{"type":"bool","description_kind":"plain","optional":true},"hide":{"type":["list","string"],"description_kind":"plain","optional":true},"index_names":{"type":["list","string"],"description_kind":"plain","optional":true},"pass_thru":{"type":"bool","description_kind":"plain","optional":true},"root":{"type":"string","description_kind":"plain","optional":true}},"description_kind":"plain"},"max_items":1},"request_body":{"nesting_mode":"set","block":{"attributes":{"max_size":{"type":"number","description_kind":"plain","required":true}},"description_kind":"plain"},"max_items":1},"reverse_proxy":{"nesting_mode":"set","block":{"block_types":{"upstream":{"nesting_mode":"list","block":{"attributes":{"dial":{"type":"string","description_kind":"plain","optional":true}},"description_kind":"plain"},"min_items":1}},"description_kind":"plain"},"max_items":1},"static_response":{"nesting_mode":"set","block":{"attributes":{"body":{"type":"string","description_kind":"plain","optional":true},"close":{"type":"bool","description_kind":"plain","optional":true},"status_code":{"type":"string","description_kind":"plain","optional":true}},"block_types":{"header":{"nesting_mode":"set","block":{"attributes":{"name":{"type":"string","description_kind":"plain","required":true},"values":{"type":["list","string"],"description_kind":"plain","required":true}},"description_kind":"plain"}}},"description_kind":"plain"},"max_items":1},"templates":{"nesting_mode":"set","block":{"attributes":{"delimiters":{"type":["list","string"],"description_kind":"plain","optional":true},"file_root":{"type":"string","description_kind":"plain","optional":true},"mime_types":{"type":["list","string"],"description_kind":"plain","optional":true}},"description_kind":"plain"},"max_items":1}},"description_kind":"plain"}},"match":{"nesting_mode":"list","block":{"attributes":{"host":{"type":["list","string"],"description_kind":"plain","optional":true},"method":{"type":["list","string"],"description_kind":"plain","optional":true},"path":{"type":["list","string"],"description_kind":"plain","optional":true}},"block_types":{"header":{"nesting_mode":"set","block":{"attributes":{"name":{"type":"string","description_kind":"plain","required":true},"values":{"type":["list","string"],"description_kind":"plain","required":true}},"description_kind":"plain"}},"not":{"nesting_mode":"list","block":{"attributes":{"host":{"type":["list","string"],"description_kind":"plain","optional":true},"method":{"type":["list","string"],"description_kind":"plain","optional":true},"path":{"type":["list","string"],"description_kind":"plain","optional":true}},"block_types":{"header":{"nesting_mode":"set","block":{"attributes":{"name":{"type":"string","description_kind":"plain","required":true},"values":{"type":["list","string"],"description_kind":"plain","required":true}},"description_kind":"plain"}},"query":{"nesting_mode":"set","block":{"attributes":{"name":{"type":"string","description_kind":"plain","required":true},"values":{"type":["list","string"],"description_kind":"plain","required":true}},"description_kind":"plain"}}},"description_kind":"plain"}},"query":{"nesting_mode":"set","block":{"attributes":{"name":{"type":"string","description_kind":"plain","required":true},"values":{"type":["list","string"],"description_kind":"plain","required":true}},"description_kind":"plain"}}},"description_kind":"plain"}}},"description_kind":"plain"}},"route":{"nesting_mode":"list","block":{"attributes":{"group":{"type":"string","description_kind":"plain","optional":true},"terminal":{"type":"bool","description_kind":"plain","optional":true}},"block_types":{"handle":{"nesting_mode":"list","block":{"block_types":{"file_server":{"nesting_mode":"set","block":{"attributes":{"canonical_uris":{"type":"bool","description_kind":"plain","optional":true},"hide":{"type":["list","string"],"description_kind":"plain","optional":true},"index_names":{"type":["list","string"],"description_kind":"plain","optional":true},"pass_thru":{"type":"bool","description_kind":"plain","optional":true},"root":{"type":"string","description_kind":"plain","optional":true}},"description_kind":"plain"},"max_items":1},"request_body":{"nesting_mode":"set","block":{"attributes":{"max_size":{"type":"number","description_kind":"plain","required":true}},"description_kind":"plain"},"max_items":1},"reverse_proxy":{"nesting_mode":"set","block":{"block_types":{"upstream":{"nesting_mode":"list","block":{"attributes":{"dial":{"type":"string","description_kind":"plain","optional":true}},"description_kind":"plain"},"min_items":1}},"description_kind":"plain"},"max_items":1},"static_response":{"nesting_mode":"set","block":{"attributes":{"body":{"type":"string","description_kind":"plain","optional":true},"close":{"type":"bool","description_kind":"plain","optional":true},"status_code":{"type":"string","description_kind":"plain","optional":true}},"block_types":{"header":{"nesting_mode":"set","block":{"attributes":{"name":{"type":"string","description_kind":"plain","required":true},"values":{"type":["list","string"],"description_kind":"plain","required":true}},"description_kind":"plain"}}},"description_kind":"plain"},"max_items":1},"templates":{"nesting_mode":"set","block":{"attributes":{"delimiters":{"type":["list","string"],"description_kind":"plain","optional":true},"file_root":{"type":"string","description_kind":"plain","optional":true},"mime_types":{"type":["list","string"],"description_kind":"plain","optional":true}},"description_kind":"plain"},"max_items":1}},"description_kind":"plain"}},"match":{"nesting_mode":"list","block":{"attributes":{"host":{"type":["list","string"],"description_kind":"plain","optional":true},"method":{"type":["list","string"],"description_kind":"plain","optional":true},"path":{"type":["list","string"],"description_kind":"plain","optional":true}},"block_types":{"header":{"nesting_mode":"set","block":{"attributes":{"name":{"type":"string","description_kind":"plain","required":true},"values":{"type":["list","string"],"description_kind":"plain","required":true}},"description_kind":"plain"}},"not":{"nesting_mode":"list","block":{"attributes":{"host":{"type":["list","string"],"description_kind":"plain","optional":true},"method":{"type":["list","string"],"description_kind":"plain","optional":true},"path":{"type":["list","string"],"description_kind":"plain","optional":true}},"block_types":{"header":{"nesting_mode":"set","block":{"attributes":{"name":{"type":"string","description_kind":"plain","required":true},"values":{"type":["list","string"],"description_kind":"plain","required":true}},"description_kind":"plain"}},"query":{"nesting_mode":"set","block":{"attributes":{"name":{"type":"string","description_kind":"plain","required":true},"values":{"type":["list","string"],"description_kind":"plain","required":true}},"description_kind":"plain"}}},"description_kind":"plain"}},"query":{"nesting_mode":"set","block":{"attributes":{"name":{"type":"string","description_kind":"plain","required":true},"values":{"type":["list","string"],"description_kind":"plain","required":true}},"description_kind":"plain"}}},"description_kind":"plain"}}},"description_kind":"plain"}}},"description_kind":"plain"},"max_items":1},"templates":{"nesting_mode":"set","block":{"attributes":{"delimiters":{"type":["list","string"],"description_kind":"plain","optional":true},"file_root":{"type":"string","description_kind":"plain","optional":true},"mime_types":{"type":["list","string"],"description_kind":"plain","optional":true}},"description_kind":"plain"},"max_items":1}},"description_kind":"plain"}},"match":{"nesting_mode":"list","block":{"attributes":{"host":{"type":["list","string"],"description_kind":"plain","optional":true},"method":{"type":["list","string"],"description_kind":"plain","optional":true},"path":{"type":["list","string"],"description_kind":"plain","optional":true}},"block_types":{"header":{"nesting_mode":"set","block":{"attributes":{"name":{"type":"string","description_kind":"plain","required":true},"values":{"type":["list","string"],"description_kind":"plain","required":true}},"description_kind":"plain"}},"not":{"nesting_mode":"list","block":{"attributes":{"host":{"type":["list","string"],"description_kind":"plain","optional":true},"method":{"type":["list","string"],"description_kind":"plain","optional":true},"path":{"type":["list","string"],"description_kind":"plain","optional":true}},"block_types":{"header":{"nesting_mode":"set","block":{"attributes":{"name":{"type":"string","description_kind":"plain","required":true},"values":{"type":["list","string"],"description_kind":"plain","required":true}},"description_kind":"plain"}},"query":{"nesting_mode":"set","block":{"attributes":{"name":{"type":"string","description_kind":"plain","required":true},"values":{"type":["list","string"],"description_kind":"plain","required":true}},"description_kind":"plain"}}},"description_kind":"plain"}},"query":{"nesting_mode":"set","block":{"attributes":{"name":{"type":"string","description_kind":"plain","required":true},"values":{"type":["list","string"],"description_kind":"plain","required":true}},"description_kind":"plain"}}},"description_kind":"plain"}}},"description_kind":"plain"}},"route":{"nesting_mode":"list","block":{"attributes":{"group":{"type":"string","description_kind":"plain","optional":true},"terminal":{"type":"bool","description_kind":"plain","optional":true}},"block_types":{"handle":{"nesting_mode":"list","block":{"block_types":{"file_server":{"nesting_mode":"set","block":{"attributes":{"canonical_uris":{"type":"bool","description_kind":"plain","optional":true},"hide":{"type":["list","string"],"description_kind":"plain","optional":true},"index_names":{"type":["list","string"],"description_kind":"plain","optional":true},"pass_thru":{"type":"bool","description_kind":"plain","optional":true},"root":{"type":"string","description_kind":"plain","optional":true}},"description_kind":"plain"},"max_items":1},"request_body":{"nesting_mode":"set","block":{"attributes":{"max_size":{"type":"number","description_kind":"plain","required":true}},"description_kind":"plain"},"max_items":1},"reverse_proxy":{"nesting_mode":"set","block":{"block_types":{"upstream":{"nesting_mode":"list","block":{"attributes":{"dial":{"type":"string","description_kind":"plain","optional":true}},"description_kind":"plain"},"min_items":1}},"description_kind":"plain"},"max_items":1},"static_response":{"nesting_mode":"set","block":{"attributes":{"body":{"type":"string","description_kind":"plain","optional":true},"close":{"type":"bool","description_kind":"plain","optional":true},"status_code":{"type":"string","description_kind":"plain","optional":true}},"block_types":{"header":{"nesting_mode":"set","block":{"attributes":{"name":{"type":"string","description_kind":"plain","required":true},"values":{"type":["list","string"],"description_kind":"plain","required":true}},"description_kind":"plain"}}},"description_kind":"plain"},"max_items":1},"subroute":{"nesting_mode":"set","block":{"block_types":{"error":{"nesting_mode":"list","block":{"attributes":{"group":{"type":"string","description_kind":"plain","optional":true},"terminal":{"type":"bool","description_kind":"plain","optional":true}},"block_types":{"handle":{"nesting_mode":"list","block":{"block_types":{"file_server":{"nesting_mode":"set","block":{"attributes":{"canonical_uris":{"type":"bool","description_kind":"plain","optional":true},"hide":{"type":["list","string"],"description_kind":"plain","optional":true},"index_names":{"type":["list","string"],"description_kind":"plain","optional":true},"pass_thru":{"type":"bool","description_kind":"plain","optional":true},"root":{"type":"string","description_kind":"plain","optional":true}},"description_kind":"plain"},"max_items":1},"request_body":{"nesting_mode":"set","block":{"attributes":{"max_size":{"type":"number","description_kind":"plain","required":true}},"description_kind":"plain"},"max_items":1},"reverse_proxy":{"nesting_mode":"set","block":{"block_types":{"upstream":{"nesting_mode":"list","block":{"attributes":{"dial":{"type":"string","description_kind":"plain","optional":true}},"description_kind":"plain"},"min_items":1}},"description_kind":"plain"},"max_items":1},"static_response":{"nesting_mode":"set","block":{"attributes":{"body":{"type":"string","description_kind":"plain","optional":true},"close":{"type":"bool","description_kind":"plain","optional":true},"status_code":{"type":"string","description_kind":"plain","optional":true}},"block_types":{"header":{"nesting_mode":"set","block":{"attributes":{"name":{"type":"string","description_kind":"plain","required":true},"values":{"type":["list","string"],"description_kind":"plain","required":true}},"description_kind":"plain"}}},"description_kind":"plain"},"max_items":1},"templates":{"nesting_mode":"set","block":{"attributes":{"delimiters":{"type":["list","string"],"description_kind":"plain","optional":true},"file_root":{"type":"string","description_kind":"plain","optional":true},"mime_types":{"type":["list","string"],"description_kind":"plain","optional":true}},"description_kind":"plain"},"max_items":1}},"description_kind":"plain"}},"match":{"nesting_mode":"list","block":{"attributes":{"host":{"type":["list","string"],"description_kind":"plain","optional":true},"method":{"type":["list","string"],"description_kind":"plain","optional":true},"path":{"type":["list","string"],"description_kind":"plain","optional":true}},"block_types":{"header":{"nesting_mode":"set","block":{"attributes":{"name":{"type":"string","description_kind":"plain","required":true},"values":{"type":["list","string"],"description_kind":"plain","required":true}},"description_kind":"plain"}},"not":{"nesting_mode":"list","block":{"attributes":{"host":{"type":["list","string"],"description_kind":"plain","optional":true},"method":{"type":["list","string"],"description_kind":"plain","optional":true},"path":{"type":["list","string"],"description_kind":"plain","optional":true}},"block_types":{"header":{"nesting_mode":"set","block":{"attributes":{"name":{"type":"string","description_kind":"plain","required":true},"values":{"type":["list","string"],"description_kind":"plain","required":true}},"description_kind":"plain"}},"query":{"nesting_mode":"set","block":{"attributes":{"name":{"type":"string","description_kind":"plain","required":true},"values":{"type":["list","string"],"description_kind":"plain","required":true}},"description_kind":"plain"}}},"description_kind":"plain"}},"query":{"nesting_mode":"set","block":{"attributes":{"name":{"type":"string","description_kind":"plain","required":true},"values":{"type":["list","string"],"description_kind":"plain","required":true}},"description_kind":"plain"}}},"description_kind":"plain"}}},"description_kind":"plain"}},"route":{"nesting_mode":"list","block":{"attributes":{"group":{"type":"string","description_kind":"plain","optional":true},"terminal":{"type":"bool","description_kind":"plain","optional":true}},"block_types":{"handle":{"nesting_mode":"list","block":{"block_types":{"file_server":{"nesting_mode":"set","block":{"attributes":{"canonical_uris":{"type":"bool","description_kind":"plain","optional":true},"hide":{"type":["list","string"],"description_kind":"plain","optional":true},"index_names":{"type":["list","string"],"description_kind":"plain","optional":true},"pass_thru":{"type":"bool","description_kind":"plain","optional":true},"root":{"type":"string","description_kind":"plain","optional":true}},"description_kind":"plain"},"max_items":1},"request_body":{"nesting_mode":"set","block":{"attributes":{"max_size":{"type":"number","description_kind":"plain","required":true}},"description_kind":"plain"},"max_items":1},"reverse_proxy":{"nesting_mode":"set","block":{"block_types":{"upstream":{"nesting_mode":"list","block":{"attributes":{"dial":{"type":"string","description_kind":"plain","optional":true}},"description_kind":"plain"},"min_items":1}},"description_kind":"plain"},"max_items":1},"static_response":{"nesting_mode":"set","block":{"attributes":{"body":{"type":"string","description_kind":"plain","optional":true},"close":{"type":"bool","description_kind":"plain","optional":true},"status_code":{"type":"string","description_kind":"plain","optional":true}},"block_types":{"header":{"nesting_mode":"set","block":{"attributes":{"name":{"type":"string","description_kind":"plain","required":true},"values":{"type":["list","string"],"description_kind":"plain","required":true}},"description_kind":"plain"}}},"description_kind":"plain"},"max_items":1},"templates":{"nesting_mode":"set","block":{"attributes":{"delimiters":{"type":["list","string"],"description_kind":"plain","optional":true},"file_root":{"type":"string","description_kind":"plain","optional":true},"mime_types":{"type":["list","string"],"description_kind":"plain","optional":true}},"description_kind":"plain"},"max_items":1}},"description_kind":"plain"}},"match":{"nesting_mode":"list","block":{"attributes":{"host":{"type":["list","string"],"description_kind":"plain","optional":true},"method":{"type":["list","string"],"description_kind":"plain","optional":true},"path":{"type":["list","string"],"description_kind":"plain","optional":true}},"block_types":{"header":{"nesting_mode":"set","block":{"attributes":{"name":{"type":"string","description_kind":"plain","required":true},"values":{"type":["list","string"],"description_kind":"plain","required":true}},"description_kind":"plain"}},"not":{"nesting_mode":"list","block":{"attributes":{"host":{"type":["list","string"],"description_kind":"plain","optional":true},"method":{"type":["list","string"],"description_kind":"plain","optional":true},"path":{"type":["list","string"],"description_kind":"plain","optional":true}},"block_types":{"header":{"nesting_mode":"set","block":{"attributes":{"name":{"type":"string","description_kind":"plain","required":true},"values":{"type":["list","string"],"description_kind":"plain","required":true}},"description_kind":"plain"}},"query":{"nesting_mode":"set","block":{"attributes":{"name":{"type":"string","description_kind":"plain","required":true},"values":{"type":["list","string"],"description_kind":"plain","required":true}},"description_kind":"plain"}}},"description_kind":"plain"}},"query":{"nesting_mode":"set","block":{"attributes":{"name":{"type":"string","description_kind":"plain","required":true},"values":{"type":["list","string"],"description_kind":"plain","required":true}},"description_kind":"plain"}}},"description_kind":"plain"}}},"description_kind":"plain"}}},"description_kind":"plain"},"max_items":1},"templates":{"nesting_mode":"set","block":{"attributes":{"delimiters":{"type":["list","string"],"description_kind":"plain","optional":true},"file_root":{"type":"string","description_kind":"plain","optional":true},"mime_types":{"type":["list","string"],"description_kind":"plain","optional":true}},"description_kind":"plain"},"max_items":1}},"description_kind":"plain"}},"match":{"nesting_mode":"list","block":{"attributes":{"host":{"type":["list","string"],"description_kind":"plain","optional":true},"method":{"type":["list","string"],"description_kind":"plain","optional":true},"path":{"type":["list","string"],"description_kind":"plain","optional":true}},"block_types":{"header":{"nesting_mode":"set","block":{"attributes":{"name":{"type":"string","description_kind":"plain","required":true},"values":{"type":["list","string"],"description_kind":"plain","required":true}},"description_kind":"plain"}},"not":{"nesting_mode":"list","block":{"attributes":{"host":{"type":["list","string"],"description_kind":"plain","optional":true},"method":{"type":["list","string"],"description_kind":"plain","optional":true},"path":{"type":["list","string"],"description_kind":"plain","optional":true}},"block_types":{"header":{"nesting_mode":"set","block":{"attributes":{"name":{"type":"string","description_kind":"plain","required":true},"values":{"type":["list","string"],"description_kind":"plain","required":true}},"description_kind":"plain"}},"query":{"nesting_mode":"set","block":{"attributes":{"name":{"type":"string","description_kind":"plain","required":true},"values":{"type":["list","string"],"description_kind":"plain","required":true}},"description_kind":"plain"}}},"description_kind":"plain"}},"query":{"nesting_mode":"set","block":{"attributes":{"name":{"type":"string","description_kind":"plain","required":true},"values":{"type":["list","string"],"description_kind":"plain","required":true}},"description_kind":"plain"}}},"description_kind":"plain"}}},"description_kind":"plain"}}},"description_kind":"plain"},"max_items":1},"templates":{"nesting_mode":"set","block":{"attributes":{"delimiters":{"type":["list","string"],"description_kind":"plain","optional":true},"file_root":{"type":"string","description_kind":"plain","optional":true},"mime_types":{"type":["list","string"],"description_kind":"plain","optional":true}},"description_kind":"plain"},"max_items":1}},"description_kind":"plain"}},"match":{"nesting_mode":"list","block":{"attributes":{"host":{"type":["list","string"],"description_kind":"plain","optional":true},"method":{"type":["list","string"],"description_kind":"plain","optional":true},"path":{"type":["list","string"],"description_kind":"plain","optional":true}},"block_types":{"header":{"nesting_mode":"set","block":{"attributes":{"name":{"type":"string","description_kind":"plain","required":true},"values":{"type":["list","string"],"description_kind":"plain","required":true}},"description_kind":"plain"}},"not":{"nesting_mode":"list","block":{"attributes":{"host":{"type":["list","string"],"description_kind":"plain","optional":true},"method":{"type":["list","string"],"description_kind":"plain","optional":true},"path":{"type":["list","string"],"description_kind":"plain","optional":true}},"block_types":{"header":{"nesting_mode":"set","block":{"attributes":{"name":{"type":"string","description_kind":"plain","required":true},"values":{"type":["list","string"],"description_kind":"plain","required":true}},"description_kind":"plain"}},"query":{"nesting_mode":"set","block":{"attributes":{"name":{"type":"string","description_kind":"plain","required":true},"values":{"type":["list","string"],"description_kind":"plain","required":true}},"description_kind":"plain"}}},"description_kind":"plain"}},"query":{"nesting_mode":"set","block":{"attributes":{"name":{"type":"string","description_kind":"plain","required":true},"values":{"type":["list","string"],"description_kind":"plain","required":true}},"description_kind":"plain"}}},"description_kind":"plain"}}},"description_kind":"plain"}},"route":{"nesting_mode":"list","block":{"attributes":{"group":{"type":"string","description_kind":"plain","optional":true},"terminal":{"type":"bool","description_kind":"plain","optional":true}},"block_types":{"handle":{"nesting_mode":"list","block":{"block_types":{"file_server":{"nesting_mode":"set","block":{"attributes":{"canonical_uris":{"type":"bool","description_kind":"plain","optional":true},"hide":{"type":["list","string"],"description_kind":"plain","optional":true},"index_names":{"type":["list","string"],"description_kind":"plain","optional":true},"pass_thru":{"type":"bool","description_kind":"plain","optional":true},"root":{"type":"string","description_kind":"plain","optional":true}},"description_kind":"plain"},"max_items":1},"request_body":{"nesting_mode":"set","block":{"attributes":{"max_size":{"type":"number","description_kind":"plain","required":true}},"description_kind":"plain"},"max_items":1},"reverse_proxy":{"nesting_mode":"set","block":{"block_types":{"upstream":{"nesting_mode":"list","block":{"attributes":{"dial":{"type":"string","description_kind":"plain","optional":true}},"description_kind":"plain"},"min_items":1}},"description_kind":"plain"},"max_items":1},"static_response":{"nesting_mode":"set","block":{"attributes":{"body":{"type":"string","description_kind":"plain","optional":true},"close":{"type":"bool","description_kind":"plain","optional":true},"status_code":{"type":"string","description_kind":"plain","optional":true}},"block_types":{"header":{"nesting_mode":"set","block":{"attributes":{"name":{"type":"string","description_kind":"plain","required":true},"values":{"type":["list","string"],"description_kind":"plain","required":true}},"description_kind":"plain"}}},"description_kind":"plain"},"max_items":1},"subroute":{"nesting_mode":"set","block":{"block_types":{"error":{"nesting_mode":"list","block":{"attributes":{"group":{"type":"string","description_kind":"plain","optional":true},"terminal":{"type":"bool","description_kind":"plain","optional":true}},"block_types":{"handle":{"nesting_mode":"list","block":{"block_types":{"file_server":{"nesting_mode":"set","block":{"attributes":{"canonical_uris":{"type":"bool","description_kind":"plain","optional":true},"hide":{"type":["list","string"],"description_kind":"plain","optional":true},"index_names":{"type":["list","string"],"description_kind":"plain","optional":true},"pass_thru":{"type":"bool","description_kind":"plain","optional":true},"root":{"type":"string","description_kind":"plain","optional":true}},"description_kind":"plain"},"max_items":1},"request_body":{"nesting_mode":"set","block":{"attributes":{"max_size":{"type":"number","description_kind":"plain","required":true}},"description_kind":"plain"},"max_items":1},"reverse_proxy":{"nesting_mode":"set","block":{"block_types":{"upstream":{"nesting_mode":"list","block":{"attributes":{"dial":{"type":"string","description_kind":"plain","optional":true}},"description_kind":"plain"},"min_items":1}},"description_kind":"plain"},"max_items":1},"static_response":{"nesting_mode":"set","block":{"attributes":{"body":{"type":"string","description_kind":"plain","optional":true},"close":{"type":"bool","description_kind":"plain","optional":true},"status_code":{"type":"string","description_kind":"plain","optional":true}},"block_types":{"header":{"nesting_mode":"set","block":{"attributes":{"name":{"type":"string","description_kind":"plain","required":true},"values":{"type":["list","string"],"description_kind":"plain","required":true}},"description_kind":"plain"}}},"description_kind":"plain"},"max_items":1},"subroute":{"nesting_mode":"set","block":{"block_types":{"error":{"nesting_mode":"list","block":{"attributes":{"group":{"type":"string","description_kind":"plain","optional":true},"terminal":{"type":"bool","description_kind":"plain","optional":true}},"block_types":{"handle":{"nesting_mode":"list","block":{"block_types":{"file_server":{"nesting_mode":"set","block":{"attributes":{"canonical_uris":{"type":"bool","description_kind":"plain","optional":true},"hide":{"type":["list","string"],"description_kind":"plain","optional":true},"index_names":{"type":["list","string"],"description_kind":"plain","optional":true},"pass_thru":{"type":"bool","description_kind":"plain","optional":true},"root":{"type":"string","description_kind":"plain","optional":true}},"description_kind":"plain"},"max_items":1},"request_body":{"nesting_mode":"set","block":{"attributes":{"max_size":{"type":"number","description_kind":"plain","required":true}},"description_kind":"plain"},"max_items":1},"reverse_proxy":{"nesting_mode":"set","block":{"block_types":{"upstream":{"nesting_mode":"list","block":{"attributes":{"dial":{"type":"string","description_kind":"plain","optional":true}},"description_kind":"plain"},"min_items":1}},"description_kind":"plain"},"max_items":1},"static_response":{"nesting_mode":"set","block":{"attributes":{"body":{"type":"string","description_kind":"plain","optional":true},"close":{"type":"bool","description_kind":"plain","optional":true},"status_code":{"type":"string","description_kind":"plain","optional":true}},"block_types":{"header":{"nesting_mode":"set","block":{"attributes":{"name":{"type":"string","description_kind":"plain","required":true},"values":{"type":["list","string"],"description_kind":"plain","required":true}},"description_kind":"plain"}}},"description_kind":"plain"},"max_items":1},"templates":{"nesting_mode":"set","block":{"attributes":{"delimiters":{"type":["list","string"],"description_kind":"plain","optional":true},"file_root":{"type":"string","description_kind":"plain","optional":true},"mime_types":{"type":["list","string"],"description_kind":"plain","optional":true}},"description_kind":"plain"},"max_items":1}},"description_kind":"plain"}},"match":{"nesting_mode":"list","block":{"attributes":{"host":{"type":["list","string"],"description_kind":"plain","optional":true},"method":{"type":["list","string"],"description_kind":"plain","optional":true},"path":{"type":["list","string"],"description_kind":"plain","optional":true}},"block_types":{"header":{"nesting_mode":"set","block":{"attributes":{"name":{"type":"string","description_kind":"plain","required":true},"values":{"type":["list","string"],"description_kind":"plain","required":true}},"description_kind":"plain"}},"not":{"nesting_mode":"list","block":{"attributes":{"host":{"type":["list","string"],"description_kind":"plain","optional":true},"method":{"type":["list","string"],"description_kind":"plain","optional":true},"path":{"type":["list","string"],"description_kind":"plain","optional":true}},"block_types":{"header":{"nesting_mode":"set","block":{"attributes":{"name":{"type":"string","description_kind":"plain","required":true},"values":{"type":["list","string"],"description_kind":"plain","required":true}},"description_kind":"plain"}},"query":{"nesting_mode":"set","block":{"attributes":{"name":{"type":"string","description_kind":"plain","required":true},"values":{"type":["list","string"],"description_kind":"plain","required":true}},"description_kind":"plain"}}},"description_kind":"plain"}},"query":{"nesting_mode":"set","block":{"attributes":{"name":{"type":"string","description_kind":"plain","required":true},"values":{"type":["list","string"],"description_kind":"plain","required":true}},"description_kind":"plain"}}},"description_kind":"plain"}}},"description_kind":"plain"}},"route":{"nesting_mode":"list","block":{"attributes":{"group":{"type":"string","description_kind":"plain","optional":true},"terminal":{"type":"bool","description_kind":"plain","optional":true}},"block_types":{"handle":{"nesting_mode":"list","block":{"block_types":{"file_server":{"nesting_mode":"set","block":{"attributes":{"canonical_uris":{"type":"bool","description_kind":"plain","optional":true},"hide":{"type":["list","string"],"description_kind":"plain","optional":true},"index_names":{"type":["list","string"],"description_kind":"plain","optional":true},"pass_thru":{"type":"bool","description_kind":"plain","optional":true},"root":{"type":"string","description_kind":"plain","optional":true}},"description_kind":"plain"},"max_items":1},"request_body":{"nesting_mode":"set","block":{"attributes":{"max_size":{"type":"number","description_kind":"plain","required":true}},"description_kind":"plain"},"max_items":1},"reverse_proxy":{"nesting_mode":"set","block":{"block_types":{"upstream":{"nesting_mode":"list","block":{"attributes":{"dial":{"type":"string","description_kind":"plain","optional":true}},"description_kind":"plain"},"min_items":1}},"description_kind":"plain"},"max_items":1},"static_response":{"nesting_mode":"set","block":{"attributes":{"body":{"type":"string","description_kind":"plain","optional":true},"close":{"type":"bool","description_kind":"plain","optional":true},"status_code":{"type":"string","description_kind":"plain","optional":true}},"block_types":{"header":{"nesting_mode":"set","block":{"attributes":{"name":{"type":"string","description_kind":"plain","required":true},"values":{"type":["list","string"],"description_kind":"plain","required":true}},"description_kind":"plain"}}},"description_kind":"plain"},"max_items":1},"templates":{"nesting_mode":"set","block":{"attributes":{"delimiters":{"type":["list","string"],"description_kind":"plain","optional":true},"file_root":{"type":"string","description_kind":"plain","optional":true},"mime_types":{"type":["list","string"],"description_kind":"plain","optional":true}},"description_kind":"plain"},"max_items":1}},"description_kind":"plain"}},"match":{"nesting_mode":"list","block":{"attributes":{"host":{"type":["list","string"],"description_kind":"plain","optional":true},"method":{"type":["list","string"],"description_kind":"plain","optional":true},"path":{"type":["list","string"],"description_kind":"plain","optional":true}},"block_types":{"header":{"nesting_mode":"set","block":{"attributes":{"name":{"type":"string","description_kind":"plain","required":true},"values":{"type":["list","string"],"description_kind":"plain","required":true}},"description_kind":"plain"}},"not":{"nesting_mode":"list","block":{"attributes":{"host":{"type":["list","string"],"description_kind":"plain","optional":true},"method":{"type":["list","string"],"description_kind":"plain","optional":true},"path":{"type":["list","string"],"description_kind":"plain","optional":true}},"block_types":{"header":{"nesting_mode":"set","block":{"attributes":{"name":{"type":"string","description_kind":"plain","required":true},"values":{"type":["list","string"],"description_kind":"plain","required":true}},"description_kind":"plain"}},"query":{"nesting_mode":"set","block":{"attributes":{"name":{"type":"string","description_kind":"plain","required":true},"values":{"type":["list","string"],"description_kind":"plain","required":true}},"description_kind":"plain"}}},"description_kind":"plain"}},"query":{"nesting_mode":"set","block":{"attributes":{"name":{"type":"string","description_kind":"plain","required":true},"values":{"type":["list","string"],"description_kind":"plain","required":true}},"description_kind":"plain"}}},"description_kind":"plain"}}},"description_kind":"plain"}}},"description_kind":"plain"},"max_items":1},"templates":{"nesting_mode":"set","block":{"attributes":{"delimiters":{"type":["list","string"],"description_kind":"plain","optional":true},"file_root":{"type":"string","description_kind":"plain","optional":true},"mime_types":{"type":["list","string"],"description_kind":"plain","optional":true}},"description_kind":"plain"},"max_items":1}},"description_kind":"plain"}},"match":{"nesting_mode":"list","block":{"attributes":{"host":{"type":["list","string"],"description_kind":"plain","optional":true},"method":{"type":["list","string"],"description_kind":"plain","optional":true},"path":{"type":["list","string"],"description_kind":"plain","optional":true}},"block_types":{"header":{"nesting_mode":"set","block":{"attributes":{"name":{"type":"string","description_kind":"plain","required":true},"values":{"type":["list","string"],"description_kind":"plain","required":true}},"description_kind":"plain"}},"not":{"nesting_mode":"list","block":{"attributes":{"host":{"type":["list","string"],"description_kind":"plain","optional":true},"method":{"type":["list","string"],"description_kind":"plain","optional":true},"path":{"type":["list","string"],"description_kind":"plain","optional":true}},"block_types":{"header":{"nesting_mode":"set","block":{"attributes":{"name":{"type":"string","description_kind":"plain","required":true},"values":{"type":["list","string"],"description_kind":"plain","required":true}},"description_kind":"plain"}},"query":{"nesting_mode":"set","block":{"attributes":{"name":{"type":"string","description_kind":"plain","required":true},"values":{"type":["list","string"],"description_kind":"plain","required":true}},"description_kind":"plain"}}},"description_kind":"plain"}},"query":{"nesting_mode":"set","block":{"attributes":{"name":{"type":"string","description_kind":"plain","required":true},"values":{"type":["list","string"],"description_kind":"plain","required":true}},"description_kind":"plain"}}},"description_kind":"plain"}}},"description_kind":"plain"}},"route":{"nesting_mode":"list","block":{"attributes":{"group":{"type":"string","description_kind":"plain","optional":true},"terminal":{"type":"bool","description_kind":"plain","optional":true}},"block_types":{"handle":{"nesting_mode":"list","block":{"block_types":{"file_server":{"nesting_mode":"set","block":{"attributes":{"canonical_uris":{"type":"bool","description_kind":"plain","optional":true},"hide":{"type":["list","string"],"description_kind":"plain","optional":true},"index_names":{"type":["list","string"],"description_kind":"plain","optional":true},"pass_thru":{"type":"bool","description_kind":"plain","optional":true},"root":{"type":"string","description_kind":"plain","optional":true}},"description_kind":"plain"},"max_items":1},"request_body":{"nesting_mode":"set","block":{"attributes":{"max_size":{"type":"number","description_kind":"plain","required":true}},"description_kind":"plain"},"max_items":1},"reverse_proxy":{"nesting_mode":"set","block":{"block_types":{"upstream":{"nesting_mode":"list","block":{"attributes":{"dial":{"type":"string","description_kind":"plain","optional":true}},"description_kind":"plain"},"min_items":1}},"description_kind":"plain"},"max_items":1},"static_response":{"nesting_mode":"set","block":{"attributes":{"body":{"type":"string","description_kind":"plain","optional":true},"close":{"type":"bool","description_kind":"plain","optional":true},"status_code":{"type":"string","description_kind":"plain","optional":true}},"block_types":{"header":{"nesting_mode":"set","block":{"attributes":{"name":{"type":"string","description_kind":"plain","required":true},"values":{"type":["list","string"],"description_kind":"plain","required":true}},"description_kind":"plain"}}},"description_kind":"plain"},"max_items":1},"subroute":{"nesting_mode":"set","block":{"block_types":{"error":{"nesting_mode":"list","block":{"attributes":{"group":{"type":"string","description_kind":"plain","optional":true},"terminal":{"type":"bool","description_kind":"plain","optional":true}},"block_types":{"handle":{"nesting_mode":"list","block":{"block_types":{"file_server":{"nesting_mode":"set","block":{"attributes":{"canonical_uris":{"type":"bool","description_kind":"plain","optional":true},"hide":{"type":["list","string"],"description_kind":"plain","optional":true},"index_names":{"type":["list","string"],"description_kind":"plain","optional":true},"pass_thru":{"type":"bool","description_kind":"plain","optional":true},"root":{"type":"string","description_kind":"plain","optional":true}},"description_kind":"plain"},"max_items":1},"request_body":{"nesting_mode":"set","block":{"attributes":{"max_size":{"type":"number","description_kind":"plain","required":true}},"description_kind":"plain"},"max_items":1},"reverse_proxy":{"nesting_mode":"set","block":{"block_types":{"upstream":{"nesting_mode":"list","block":{"attributes":{"dial":{"type":"string","description_kind":"plain","optional":true}},"description_kind":"plain"},"min_items":1}},"description_kind":"plain"},"max_items":1},"static_response":{"nesting_mode":"set","block":{"attributes":{"body":{"type":"string","description_kind":"plain","optional":true},"close":{"type":"bool","description_kind":"plain","optional":true},"status_code":{"type":"string","description_kind":"plain","optional":true}},"block_types":{"header":{"nesting_mode":"set","block":{"attributes":{"name":{"type":"string","description_kind":"plain","required":true},"values":{"type":["list","string"],"description_kind":"plain","required":true}},"description_kind":"plain"}}},"description_kind":"plain"},"max_items":1},"templates":{"nesting_mode":"set","block":{"attributes":{"delimiters":{"type":["list","string"],"description_kind":"plain","optional":true},"file_root":{"type":"string","description_kind":"plain","optional":true},"mime_types":{"type":["list","string"],"description_kind":"plain","optional":true}},"description_kind":"plain"},"max_items":1}},"description_kind":"plain"}},"match":{"nesting_mode":"list","block":{"attributes":{"host":{"type":["list","string"],"description_kind":"plain","optional":true},"method":{"type":["list","string"],"description_kind":"plain","optional":true},"path":{"type":["list","string"],"description_kind":"plain","optional":true}},"block_types":{"header":{"nesting_mode":"set","block":{"attributes":{"name":{"type":"string","description_kind":"plain","required":true},"values":{"type":["list","string"],"description_kind":"plain","required":true}},"description_kind":"plain"}},"not":{"nesting_mode":"list","block":{"attributes":{"host":{"type":["list","string"],"description_kind":"plain","optional":true},"method":{"type":["list","string"],"description_kind":"plain","optional":true},"path":{"type":["list","string"],"description_kind":"plain","optional":true}},"block_types":{"header":{"nesting_mode":"set","block":{"attributes":{"name":{"type":"string","description_kind":"plain","required":true},"values":{"type":["list","string"],"description_kind":"plain","required":true}},"description_kind":"plain"}},"query":{"nesting_mode":"set","block":{"attributes":{"name":{"type":"string","description_kind":"plain","required":true},"values":{"type":["list","string"],"description_kind":"plain","required":true}},"description_kind":"plain"}}},"description_kind":"plain"}},"query":{"nesting_mode":"set","block":{"attributes":{"name":{"type":"string","description_kind":"plain","required":true},"values":{"type":["list","string"],"description_kind":"plain","required":true}},"description_kind":"plain"}}},"description_kind":"plain"}}},"description_kind":"plain"}},"route":{"nesting_mode":"list","block":{"attributes":{"group":{"type":"string","description_kind":"plain","optional":true},"terminal":{"type":"bool","description_kind":"plain","optional":true}},"block_types":{"handle":{"nesting_mode":"list","block":{"block_types":{"file_server":{"nesting_mode":"set","block":{"attributes":{"canonical_uris":{"type":"bool","description_kind":"plain","optional":true},"hide":{"type":["list","string"],"description_kind":"plain","optional":true},"index_names":{"type":["list","string"],"description_kind":"plain","optional":true},"pass_thru":{"type":"bool","description_kind":"plain","optional":true},"root":{"type":"string","description_kind":"plain","optional":true}},"description_kind":"plain"},"max_items":1},"request_body":{"nesting_mode":"set","block":{"attributes":{"max_size":{"type":"number","description_kind":"plain","required":true}},"description_kind":"plain"},"max_items":1},"reverse_proxy":{"nesting_mode":"set","block":{"block_types":{"upstream":{"nesting_mode":"list","block":{"attributes":{"dial":{"type":"string","description_kind":"plain","optional":true}},"description_kind":"plain"},"min_items":1}},"description_kind":"plain"},"max_items":1},"static_response":{"nesting_mode":"set","block":{"attributes":{"body":{"type":"string","description_kind":"plain","optional":true},"close":{"type":"bool","description_kind":"plain","optional":true},"status_code":{"type":"string","description_kind":"plain","optional":true}},"block_types":{"header":{"nesting_mode":"set","block":{"attributes":{"name":{"type":"string","description_kind":"plain","required":true},"values":{"type":["list","string"],"description_kind":"plain","required":true}},"description_kind":"plain"}}},"description_kind":"plain"},"max_items":1},"templates":{"nesting_mode":"set","block":{"attributes":{"delimiters":{"type":["list","string"],"description_kind":"plain","optional":true},"file_root":{"type":"string","description_kind":"plain","optional":true},"mime_types":{"type":["list","string"],"description_kind":"plain","optional":true}},"description_kind":"plain"},"max_items":1}},"description_kind":"plain"}},"match":{"nesting_mode":"list","block":{"attributes":{"host":{"type":["list","string"],"description_kind":"plain","optional":true},"method":{"type":["list","string"],"description_kind":"plain","optional":true},"path":{"type":["list","string"],"description_kind":"plain","optional":true}},"block_types":{"header":{"nesting_mode":"set","block":{"attributes":{"name":{"type":"string","description_kind":"plain","required":true},"values":{"type":["list","string"],"description_kind":"plain","required":true}},"description_kind":"plain"}},"not":{"nesting_mode":"list","block":{"attributes":{"host":{"type":["list","string"],"description_kind":"plain","optional":true},"method":{"type":["list","string"],"description_kind":"plain","optional":true},"path":{"type":["list","string"],"description_kind":"plain","optional":true}},"block_types":{"header":{"nesting_mode":"set","block":{"attributes":{"name":{"type":"string","description_kind":"plain","required":true},"values":{"type":["list","string"],"description_kind":"plain","required":true}},"description_kind":"plain"}},"query":{"nesting_mode":"set","block":{"attributes":{"name":{"type":"string","description_kind":"plain","required":true},"values":{"type":["list","string"],"description_kind":"plain","required":true}},"description_kind":"plain"}}},"description_kind":"plain"}},"query":{"nesting_mode":"set","block":{"attributes":{"name":{"type":"string","description_kind":"plain","required":true},"values":{"type":["list","string"],"description_kind":"plain","required":true}},"description_kind":"plain"}}},"description_kind":"plain"}}},"description_kind":"plain"}}},"description_kind":"plain"},"max_items":1},"templates":{"nesting_mode":"set","block":{"attributes":{"delimiters":{"type":["list","string"],"description_kind":"plain","optional":true},"file_root":{"type":"string","description_kind":"plain","optional":true},"mime_types":{"type":["list","string"],"description_kind":"plain","optional":true}},"description_kind":"plain"},"max_items":1}},"description_kind":"plain"}},"match":{"nesting_mode":"list","block":{"attributes":{"host":{"type":["list","string"],"description_kind":"plain","optional":true},"method":{"type":["list","string"],"description_kind":"plain","optional":true},"path":{"type":["list","string"],"description_kind":"plain","optional":true}},"block_types":{"header":{"nesting_mode":"set","block":{"attributes":{"name":{"type":"string","description_kind":"plain","required":true},"values":{"type":["list","string"],"description_kind":"plain","required":true}},"description_kind":"plain"}},"not":{"nesting_mode":"list","block":{"attributes":{"host":{"type":["list","string"],"description_kind":"plain","optional":true},"method":{"type":["list","string"],"description_kind":"plain","optional":true},"path":{"type":["list","string"],"description_kind":"plain","optional":true}},"block_types":{"header":{"nesting_mode":"set","block":{"attributes":{"name":{"type":"string","description_kind":"plain","required":true},"values":{"type":["list","string"],"description_kind":"plain","required":true}},"description_kind":"plain"}},"query":{"nesting_mode":"set","block":{"attributes":{"name":{"type":"string","description_kind":"plain","required":true},"values":{"type":["list","string"],"description_kind":"plain","required":true}},"description_kind":"plain"}}},"description_kind":"plain"}},"query":{"nesting_mode":"set","block":{"attributes":{"name":{"type":"string","description_kind":"plain","required":true},"values":{"type":["list","string"],"description_kind":"plain","required":true}},"description_kind":"plain"}}},"description_kind":"plain"}}},"description_kind":"plain"}}},"description_kind":"plain"},"max_items":1},"templates":{"nesting_mode":"set","block":{"attributes":{"delimiters":{"type":["list","string"],"description_kind":"plain","optional":true},"file_root":{"type":"string","description_kind":"plain","optional":true},"mime_types":{"type":["list","string"],"description_kind":"plain","optional":true}},"description_kind":"plain"},"max_items":1}},"description_kind":"plain"}},"match":{"nesting_mode":"list","block":{"attributes":{"host":{"type":["list","string"],"description_kind":"plain","optional":true},"method":{"type":["list","string"],"description_kind":"plain","optional":true},"path":{"type":["list","string"],"description_kind":"plain","optional":true}},"block_types":{"header":{"nesting_mode":"set","block":{"attributes":{"name":{"type":"string","description_kind":"plain","required":true},"values":{"type":["list","string"],"description_kind":"plain","required":true}},"description_kind":"plain"}},"not":{"nesting_mode":"list","block":{"attributes":{"host":{"type":["list","string"],"description_kind":"plain","optional":true},"method":{"type":["list","string"],"description_kind":"plain","optional":true},"path":{"type":["list","string"],"description_kind":"plain","optional":true}},"block_types":{"header":{"nesting_mode":"set","block":{"attributes":{"name":{"type":"string","description_kind":"plain","required":true},"values":{"type":["list","string"],"description_kind":"plain","required":true}},"description_kind":"plain"}},"query":{"nesting_mode":"set","block":{"attributes":{"name":{"type":"string","description_kind":"plain","required":true},"values":{"type":["list","string"],"description_kind":"plain","required":true}},"description_kind":"plain"}}},"description_kind":"plain"}},"query":{"nesting_mode":"set","block":{"attributes":{"name":{"type":"string","description_kind":"plain","required":true},"values":{"type":["list","string"],"description_kind":"plain","required":true}},"description_kind":"plain"}}},"description_kind":"plain"}}},"description_kind":"plain"}}},"description_kind":"plain"},"max_items":1},"templates":{"nesting_mode":"set","block":{"attributes":{"delimiters":{"type":["list","string"],"description_kind":"plain","optional":true},"file_root":{"type":"string","description_kind":"plain","optional":true},"mime_types":{"type":["list","string"],"description_kind":"plain","optional":true}},"description_kind":"plain"},"max_items":1}},"description_kind":"plain"}},"match":{"nesting_mode":"list","block":{"attributes":{"host":{"type":["list","string"],"description_kind":"plain","optional":true},"method":{"type":["list","string"],"description_kind":"plain","optional":true},"path":{"type":["list","string"],"description_kind":"plain","optional":true}},"block_types":{"header":{"nesting_mode":"set","block":{"attributes":{"name":{"type":"string","description_kind":"plain","required":true},"values":{"type":["list","string"],"description_kind":"plain","required":true}},"description_kind":"plain"}},"not":{"nesting_mode":"list","block":{"attributes":{"host":{"type":["list","string"],"description_kind":"plain","optional":true},"method":{"type":["list","string"],"description_kind":"plain","optional":true},"path":{"type":["list","string"],"description_kind":"plain","optional":true}},"block_types":{"header":{"nesting_mode":"set","block":{"attributes":{"name":{"type":"string","description_kind":"plain","required":true},"values":{"type":["list","string"],"description_kind":"plain","required":true}},"description_kind":"plain"}},"query":{"nesting_mode":"set","block":{"attributes":{"name":{"type":"string","description_kind":"plain","required":true},"values":{"type":["list","string"],"description_kind":"plain","required":true}},"description_kind":"plain"}}},"description_kind":"plain"}},"query":{"nesting_mode":"set","block":{"attributes":{"name":{"type":"string","description_kind":"plain","required":true},"values":{"type":["list","string"],"description_kind":"plain","required":true}},"description_kind":"plain"}}},"description_kind":"plain"}}},"description_kind":"plain"}},"route":{"nesting_mode":"list","block":{"attributes":{"group":{"type":"string","description_kind":"plain","optional":true},"terminal":{"type":"bool","description_kind":"plain","optional":true}},"block_types":{"handle":{"nesting_mode":"list","block":{"block_types":{"file_server":{"nesting_mode":"set","block":{"attributes":{"canonical_uris":{"type":"bool","description_kind":"plain","optional":true},"hide":{"type":["list","string"],"description_kind":"plain","optional":true},"index_names":{"type":["list","string"],"description_kind":"plain","optional":true},"pass_thru":{"type":"bool","description_kind":"plain","optional":true},"root":{"type":"string","description_kind":"plain","optional":true}},"description_kind":"plain"},"max_items":1},"request_body":{"nesting_mode":"set","block":{"attributes":{"max_size":{"type":"number","description_kind":"plain","required":true}},"description_kind":"plain"},"max_items":1},"reverse_proxy":{"nesting_mode":"set","block":{"block_types":{"upstream":{"nesting_mode":"list","block":{"attributes":{"dial":{"type":"string","description_kind":"plain","optional":true}},"description_kind":"plain"},"min_items":1}},"description_kind":"plain"},"max_items":1},"static_response":{"nesting_mode":"set","block":{"attributes":{"body":{"type":"string","description_kind":"plain","optional":true},"close":{"type":"bool","description_kind":"plain","optional":true},"status_code":{"type":"string","description_kind":"plain","optional":true}},"block_types":{"header":{"nesting_mode":"set","block":{"attributes":{"name":{"type":"string","description_kind":"plain","required":true},"values":{"type":["list","string"],"description_kind":"plain","required":true}},"description_kind":"plain"}}},"description_kind":"plain"},"max_items":1},"subroute":{"nesting_mode":"set","block":{"block_types":{"error":{"nesting_mode":"list","block":{"attributes":{"group":{"type":"string","description_kind":"plain","optional":true},"terminal":{"type":"bool","description_kind":"plain","optional":true}},"block_types":{"handle":{"nesting_mode":"list","block":{"block_types":{"file_server":{"nesting_mode":"set","block":{"attributes":{"canonical_uris":{"type":"bool","description_kind":"plain","optional":true},"hide":{"type":["list","string"],"description_kind":"plain","optional":true},"index_names":{"type":["list","string"],"description_kind":"plain","optional":true},"pass_thru":{"type":"bool","description_kind":"plain","optional":true},"root":{"type":"string","description_kind":"plain","optional":true}},"description_kind":"plain"},"max_items":1},"request_body":{"nesting_mode":"set","block":{"attributes":{"max_size":{"type":"number","description_kind":"plain","required":true}},"description_kind":"plain"},"max_items":1},"reverse_proxy":{"nesting_mode":"set","block":{"block_types":{"upstream":{"nesting_mode":"list","block":{"attributes":{"dial":{"type":"string","description_kind":"plain","optional":true}},"description_kind":"plain"},"min_items":1}},"description_kind":"plain"},"max_items":1},"static_response":{"nesting_mode":"set","block":{"attributes":{"body":{"type":"string","description_kind":"plain","optional":true},"close":{"type":"bool","description_kind":"plain","optional":true},"status_code":{"type":"string","description_kind":"plain","optional":true}},"block_types":{"header":{"nesting_mode":"set","block":{"attributes":{"name":{"type":"string","description_kind":"plain","required":true},"values":{"type":["list","string"],"description_kind":"plain","required":true}},"description_kind":"plain"}}},"description_kind":"plain"},"max_items":1},"subroute":{"nesting_mode":"set","block":{"block_types":{"error":{"nesting_mode":"list","block":{"attributes":{"group":{"type":"string","description_kind":"plain","optional":true},"terminal":{"type":"bool","description_kind":"plain","optional":true}},"block_types":{"handle":{"nesting_mode":"list","block":{"block_types":{"file_server":{"nesting_mode":"set","block":{"attributes":{"canonical_uris":{"type":"bool","description_kind":"plain","optional":true},"hide":{"type":["list","string"],"description_kind":"plain","optional":true},"index_names":{"type":["list","string"],"description_kind":"plain","optional":true},"pass_thru":{"type":"bool","description_kind":"plain","optional":true},"root":{"type":"string","description_kind":"plain","optional":true}},"description_kind":"plain"},"max_items":1},"request_body":{"nesting_mode":"set","block":{"attributes":{"max_size":{"type":"number","description_kind":"plain","required":true}},"description_kind":"plain"},"max_items":1},"reverse_proxy":{"nesting_mode":"set","block":{"block_types":{"upstream":{"nesting_mode":"list","block":{"attributes":{"dial":{"type":"string","description_kind":"plain","optional":true}},"description_kind":"plain"},"min_items":1}},"description_kind":"plain"},"max_items":1},"static_response":{"nesting_mode":"set","block":{"attributes":{"body":{"type":"string","description_kind":"plain","optional":true},"close":{"type":"bool","description_kind":"plain","optional":true},"status_code":{"type":"string","description_kind":"plain","optional":true}},"block_types":{"header":{"nesting_mode":"set","block":{"attributes":{"name":{"type":"string","description_kind":"plain","required":true},"values":{"type":["list","string"],"description_kind":"plain","required":true}},"description_kind":"plain"}}},"description_kind":"plain"},"max_items":1},"subroute":{"nesting_mode":"set","block":{"block_types":{"error":{"nesting_mode":"list","block":{"attributes":{"group":{"type":"string","description_kind":"plain","optional":true},"terminal":{"type":"bool","description_kind":"plain","optional":true}},"block_types":{"handle":{"nesting_mode":"list","block":{"block_types":{"file_server":{"nesting_mode":"set","block":{"attributes":{"canonical_uris":{"type":"bool","description_kind":"plain","optional":true},"hide":{"type":["list","string"],"description_kind":"plain","optional":true},"index_names":{"type":["list","string"],"description_kind":"plain","optional":true},"pass_thru":{"type":"bool","description_kind":"plain","optional":true},"root":{"type":"string","description_kind":"plain","optional":true}},"description_kind":"plain"},"max_items":1},"request_body":{"nesting_mode":"set","block":{"attributes":{"max_size":{"type":"number","description_kind":"plain","required":true}},"description_kind":"plain"},"max_items":1},"reverse_proxy":{"nesting_mode":"set","block":{"block_types":{"upstream":{"nesting_mode":"list","block":{"attributes":{"dial":{"type":"string","description_kind":"plain","optional":true}},"description_kind":"plain"},"min_items":1}},"description_kind":"plain"},"max_items":1},"static_response":{"nesting_mode":"set","block":{"attributes":{"body":{"type":"string","description_kind":"plain","optional":true},"close":{"type":"bool","description_kind":"plain","optional":true},"status_code":{"type":"string","description_kind":"plain","optional":true}},"block_types":{"header":{"nesting_mode":"set","block":{"attributes":{"name":{"type":"string","description_kind":"plain","required":true},"values":{"type":["list","string"],"description_kind":"plain","required":true}},"description_kind":"plain"}}},"description_kind":"plain"},"max_items":1},"templates":{"nesting_mode":"set","block":{"attributes":{"delimiters":{"type":["list","string"],"description_kind":"plain","optional":true},"file_root":{"type":"string","description_kind":"plain","optional":true},"mime_types":{"type":["list","string"],"description_kind":"plain","optional":true}},"description_kind":"plain"},"max_items":1}},"description_kind":"plain"}},"match":{"nesting_mode":"list","block":{"attributes":{"host":{"type":["list","string"],"description_kind":"plain","optional":true},"method":{"type":["list","string"],"description_kind":"plain","optional":true},"path":{"type":["list","string"],"description_kind":"plain","optional":true}},"block_types":{"header":{"nesting_mode":"set","block":{"attributes":{"name":{"type":"string","description_kind":"plain","required":true},"values":{"type":["list","string"],"description_kind":"plain","required":true}},"description_kind":"plain"}},"not":{"nesting_mode":"list","block":{"attributes":{"host":{"type":["list","string"],"description_kind":"plain","optional":true},"method":{"type":["list","string"],"description_kind":"plain","optional":true},"path":{"type":["list","string"],"description_kind":"plain","optional":true}},"block_types":{"header":{"nesting_mode":"set","block":{"attributes":{"name":{"type":"string","description_kind":"plain","required":true},"values":{"type":["list","string"],"description_kind":"plain","required":true}},"description_kind":"plain"}},"query":{"nesting_mode":"set","block":{"attributes":{"name":{"type":"string","description_kind":"plain","required":true},"values":{"type":["list","string"],"description_kind":"plain","required":true}},"description_kind":"plain"}}},"description_kind":"plain"}},"query":{"nesting_mode":"set","block":{"attributes":{"name":{"type":"string","description_kind":"plain","required":true},"values":{"type":["list","string"],"description_kind":"plain","required":true}},"description_kind":"plain"}}},"description_kind":"plain"}}},"description_kind":"plain"}},"route":{"nesting_mode":"list","block":{"attributes":{"group":{"type":"string","description_kind":"plain","optional":true},"terminal":{"type":"bool","description_kind":"plain","optional":true}},"block_types":{"handle":{"nesting_mode":"list","block":{"block_types":{"file_server":{"nesting_mode":"set","block":{"attributes":{"canonical_uris":{"type":"bool","description_kind":"plain","optional":true},"hide":{"type":["list","string"],"description_kind":"plain","optional":true},"index_names":{"type":["list","string"],"description_kind":"plain","optional":true},"pass_thru":{"type":"bool","description_kind":"plain","optional":true},"root":{"type":"string","description_kind":"plain","optional":true}},"description_kind":"plain"},"max_items":1},"request_body":{"nesting_mode":"set","block":{"attributes":{"max_size":{"type":"number","description_kind":"plain","required":true}},"description_kind":"plain"},"max_items":1},"reverse_proxy":{"nesting_mode":"set","block":{"block_types":{"upstream":{"nesting_mode":"list","block":{"attributes":{"dial":{"type":"string","description_kind":"plain","optional":true}},"description_kind":"plain"},"min_items":1}},"description_kind":"plain"},"max_items":1},"static_response":{"nesting_mode":"set","block":{"attributes":{"body":{"type":"string","description_kind":"plain","optional":true},"close":{"type":"bool","description_kind":"plain","optional":true},"status_code":{"type":"string","description_kind":"plain","optional":true}},"block_types":{"header":{"nesting_mode":"set","block":{"attributes":{"name":{"type":"string","description_kind":"plain","required":true},"values":{"type":["list","string"],"description_kind":"plain","required":true}},"description_kind":"plain"}}},"description_kind":"plain"},"max_items":1},"templates":{"nesting_mode":"set","block":{"attributes":{"delimiters":{"type":["list","string"],"description_kind":"plain","optional":true},"file_root":{"type":"string","description_kind":"plain","optional":true},"mime_types":{"type":["list","string"],"description_kind":"plain","optional":true}},"description_kind":"plain"},"max_items":1}},"description_kind":"plain"}},"match":{"nesting_mode":"list","block":{"attributes":{"host":{"type":["list","string"],"description_kind":"plain","optional":true},"method":{"type":["list","string"],"description_kind":"plain","optional":true},"path":{"type":["list","string"],"description_kind":"plain","optional":true}},"block_types":{"header":{"nesting_mode":"set","block":{"attributes":{"name":{"type":"string","description_kind":"plain","required":true},"values":{"type":["list","string"],"description_kind":"plain","required":true}},"description_kind":"plain"}},"not":{"nesting_mode":"list","block":{"attributes":{"host":{"type":["list","string"],"description_kind":"plain","optional":true},"method":{"type":["list","string"],"description_kind":"plain","optional":true},"path":{"type":["list","string"],"description_kind":"plain","optional":true}},"block_types":{"header":{"nesting_mode":"set","block":{"attributes":{"name":{"type":"string","description_kind":"plain","required":true},"values":{"type":["list","string"],"description_kind":"plain","required":true}},"description_kind":"plain"}},"query":{"nesting_mode":"set","block":{"attributes":{"name":{"type":"string","description_kind":"plain","required":true},"values":{"type":["list","string"],"description_kind":"plain","required":true}},"description_kind":"plain"}}},"description_kind":"plain"}},"query":{"nesting_mode":"set","block":{"attributes":{"name":{"type":"string","description_kind":"plain","required":true},"values":{"type":["list","string"],"description_kind":"plain","required":true}},"description_kind":"plain"}}},"description_kind":"plain"}}},"description_kind":"plain"}}},"description_kind":"plain"},"max_items":1},"templates":{"nesting_mode":"set","block":{"attributes":{"delimiters":{"type":["list","string"],"description_kind":"plain","optional":true},"file_root":{"type":"string","description_kind":"plain","optional":true},"mime_types":{"type":["list","string"],"description_kind":"plain","optional":true}},"description_kind":"plain"},"max_items":1}},"description_kind":"plain"}},"match":{"nesting_mode":"list","block":{"attributes":{"host":{"type":["list","string"],"description_kind":"plain","optional":true},"method":{"type":["list","string"],"description_kind":"plain","optional":true},"path":{"type":["list","string"],"description_kind":"plain","optional":true}},"block_types":{"header":{"nesting_mode":"set","block":{"attributes":{"name":{"type":"string","description_kind":"plain","required":true},"values":{"type":["list","string"],"description_kind":"plain","required":true}},"description_kind":"plain"}},"not":{"nesting_mode":"list","block":{"attributes":{"host":{"type":["list","string"],"description_kind":"plain","optional":true},"method":{"type":["list","string"],"description_kind":"plain","optional":true},"path":{"type":["list","string"],"description_kind":"plain","optional":true}},"block_types":{"header":{"nesting_mode":"set","block":{"attributes":{"name":{"type":"string","description_kind":"plain","required":true},"values":{"type":["list","string"],"description_kind":"plain","required":true}},"description_kind":"plain"}},"query":{"nesting_mode":"set","block":{"attributes":{"name":{"type":"string","description_kind":"plain","required":true},"values":{"type":["list","string"],"description_kind":"plain","required":true}},"description_kind":"plain"}}},"description_kind":"plain"}},"query":{"nesting_mode":"set","block":{"attributes":{"name":{"type":"string","description_kind":"plain","required":true},"values":{"type":["list","string"],"description_kind":"plain","required":true}},"description_kind":"plain"}}},"description_kind":"plain"}}},"description_kind":"plain"}},"route":{"nesting_mode":"list","block":{"attributes":{"group":{"type":"string","description_kind":"plain","optional":true},"terminal":{"type":"bool","description_kind":"plain","optional":true}},"block_types":{"handle":{"nesting_mode":"list","block":{"block_types":{"file_server":{"nesting_mode":"set","block":{"attributes":{"canonical_uris":{"type":"bool","description_kind":"plain","optional":true},"hide":{"type":["list","string"],"description_kind":"plain","optional":true},"index_names":{"type":["list","string"],"description_kind":"plain","optional":true},"pass_thru":{"type":"bool","description_kind":"plain","optional":true},"root":{"type":"string","description_kind":"plain","optional":true}},"description_kind":"plain"},"max_items":1},"request_body":{"nesting_mode":"set","block":{"attributes":{"max_size":{"type":"number","description_kind":"plain","required":true}},"description_kind":"plain"},"max_items":1},"reverse_proxy":{"nesting_mode":"set","block":{"block_types":{"upstream":{"nesting_mode":"list","block":{"attributes":{"dial":{"type":"string","description_kind":"plain","optional":true}},"description_kind":"plain"},"min_items":1}},"description_kind":"plain"},"max_items":1},"static_response":{"nesting_mode":"set","block":{"attributes":{"body":{"type":"string","description_kind":"plain","optional":true},"close":{"type":"bool","description_kind":"plain","optional":true},"status_code":{"type":"string","description_kind":"plain","optional":true}},"block_types":{"header":{"nesting_mode":"set","block":{"attributes":{"name":{"type":"string","description_kind":"plain","required":true},"values":{"type":["list","string"],"description_kind":"plain","required":true}},"description_kind":"plain"}}},"description_kind":"plain"},"max_items":1},"subroute":{"nesting_mode":"set","block":{"block_types":{"error":{"nesting_mode":"list","block":{"attributes":{"group":{"type":"string","description_kind":"plain","optional":true},"terminal":{"type":"bool","description_kind":"plain","optional":true}},"block_types":{"handle":{"nesting_mode":"list","block":{"block_types":{"file_server":{"nesting_mode":"set","block":{"attributes":{"canonical_uris":{"type":"bool","description_kind":"plain","optional":true},"hide":{"type":["list","string"],"description_kind":"plain","optional":true},"index_names":{"type":["list","string"],"description_kind":"plain","optional":true},"pass_thru":{"type":"bool","description_kind":"plain","optional":true},"root":{"type":"string","description_kind":"plain","optional":true}},"description_kind":"plain"},"max_items":1},"request_body":{"nesting_mode":"set","block":{"attributes":{"max_size":{"type":"number","description_kind":"plain","required":true}},"description_kind":"plain"},"max_items":1},"reverse_proxy":{"nesting_mode":"set","block":{"block_types":{"upstream":{"nesting_mode":"list","block":{"attributes":{"dial":{"type":"string","description_kind":"plain","optional":true}},"description_kind":"plain"},"min_items":1}},"description_kind":"plain"},"max_items":1},"static_response":{"nesting_mode":"set","block":{"attributes":{"body":{"type":"string","description_kind":"plain","optional":true},"close":{"type":"bool","description_kind":"plain","optional":true},"status_code":{"type":"string","description_kind":"plain","optional":true}},"block_types":{"header":{"nesting_mode":"set","block":{"attributes":{"name":{"type":"string","description_kind":"plain","required":true},"values":{"type":["list","string"],"description_kind":"plain","required":true}},"description_kind":"plain"}}},"description_kind":"plain"},"max_items":1},"templates":{"nesting_mode":"set","block":{"attributes":{"delimiters":{"type":["list","string"],"description_kind":"plain","optional":true},"file_root":{"type":"string","description_kind":"plain","optional":true},"mime_types":{"type":["list","string"],"description_kind":"plain","optional":true}},"description_kind":"plain"},"max_items":1}},"description_kind":"plain"}},"match":{"nesting_mode":"list","block":{"attributes":{"host":{"type":["list","string"],"description_kind":"plain","optional":true},"method":{"type":["list","string"],"description_kind":"plain","optional":true},"path":{"type":["list","string"],"description_kind":"plain","optional":true}},"block_types":{"header":{"nesting_mode":"set","block":{"attributes":{"name":{"type":"string","description_kind":"plain","required":true},"values":{"type":["list","string"],"description_kind":"plain","required":true}},"description_kind":"plain"}},"not":{"nesting_mode":"list","block":{"attributes":{"host":{"type":["list","string"],"description_kind":"plain","optional":true},"method":{"type":["list","string"],"description_kind":"plain","optional":true},"path":{"type":["list","string"],"description_kind":"plain","optional":true}},"block_types":{"header":{"nesting_mode":"set","block":{"attributes":{"name":{"type":"string","description_kind":"plain","required":true},"values":{"type":["list","string"],"description_kind":"plain","required":true}},"description_kind":"plain"}},"query":{"nesting_mode":"set","block":{"attributes":{"name":{"type":"string","description_kind":"plain","required":true},"values":{"type":["list","string"],"description_kind":"plain","required":true}},"description_kind":"plain"}}},"description_kind":"plain"}},"query":{"nesting_mode":"set","block":{"attributes":{"name":{"type":"string","description_kind":"plain","required":true},"values":{"type":["list","string"],"description_kind":"plain","required":true}},"description_kind":"plain"}}},"description_kind":"plain"}}},"description_kind":"plain"}},"route":{"nesting_mode":"list","block":{"attributes":{"group":{"type":"string","description_kind":"plain","optional":true},"terminal":{"type":"bool","description_kind":"plain","optional":true}},"block_types":{"handle":{"nesting_mode":"list","block":{"block_types":{"file_server":{"nesting_mode":"set","block":{"attributes":{"canonical_uris":{"type":"bool","description_kind":"plain","optional":true},"hide":{"type":["list","string"],"description_kind":"plain","optional":true},"index_names":{"type":["list","string"],"description_kind":"plain","optional":true},"pass_thru":{"type":"bool","description_kind":"plain","optional":true},"root":{"type":"string","description_kind":"plain","optional":true}},"description_kind":"plain"},"max_items":1},"request_body":{"nesting_mode":"set","block":{"attributes":{"max_size":{"type":"number","description_kind":"plain","required":true}},"description_kind":"plain"},"max_items":1},"reverse_proxy":{"nesting_mode":"set","block":{"block_types":{"upstream":{"nesting_mode":"list","block":{"attributes":{"dial":{"type":"string","description_kind":"plain","optional":true}},"description_kind":"plain"},"min_items":1}},"description_kind":"plain"},"max_items":1},"static_response":{"nesting_mode":"set","block":{"attributes":{"body":{"type":"string","description_kind":"plain","optional":true},"close":{"type":"bool","description_kind":"plain","optional":true},"status_code":{"type":"string","description_kind":"plain","optional":true}},"block_types":{"header":{"nesting_mode":"set","block":{"attributes":{"name":{"type":"string","description_kind":"plain","required":true},"values":{"type":["list","string"],"description_kind":"plain","required":true}},"description_kind":"plain"}}},"description_kind":"plain"},"max_items":1},"templates":{"nesting_mode":"set","block":{"attributes":{"delimiters":{"type":["list","string"],"description_kind":"plain","optional":true},"file_root":{"type":"string","description_kind":"plain","optional":true},"mime_types":{"type":["list","string"],"description_kind":"plain","optional":true}},"description_kind":"plain"},"max_items":1}},"description_kind":"plain"}},"match":{"nesting_mode":"list","block":{"attributes":{"host":{"type":["list","string"],"description_kind":"plain","optional":true},"method":{"type":["list","string"],"description_kind":"plain","optional":true},"path":{"type":["list","string"],"description_kind":"plain","optional":true}},"block_types":{"header":{"nesting_mode":"set","block":{"attributes":{"name":{"type":"string","description_kind":"plain","required":true},"values":{"type":["list","string"],"description_kind":"plain","required":true}},"description_kind":"plain"}},"not":{"nesting_mode":"list","block":{"attributes":{"host":{"type":["list","string"],"description_kind":"plain","optional":true},"method":{"type":["list","string"],"description_kind":"plain","optional":true},"path":{"type":["list","string"],"description_kind":"plain","optional":true}},"block_types":{"header":{"nesting_mode":"set","block":{"attributes":{"name":{"type":"string","description_kind":"plain","required":true},"values":{"type":["list","string"],"description_kind":"plain","required":true}},"description_kind":"plain"}},"query":{"nesting_mode":"set","block":{"attributes":{"name":{"type":"string","description_kind":"plain","required":true},"values":{"type":["list","string"],"description_kind":"plain","required":true}},"description_kind":"plain"}}},"description_kind":"plain"}},"query":{"nesting_mode":"set","block":{"attributes":{"name":{"type":"string","description_kind":"plain","required":true},"values":{"type":["list","string"],"description_kind":"plain","required":true}},"description_kind":"plain"}}},"description_kind":"plain"}}},"description_kind":"plain"}}},"description_kind":"plain"},"max_items":1},"templates":{"nesting_mode":"set","block":{"attributes":{"delimiters":{"type":["list","string"],"description_kind":"plain","optional":true},"file_root":{"type":"string","description_kind":"plain","optional":true},"mime_types":{"type":["list","string"],"description_kind":"plain","optional":true}},"description_kind":"plain"},"max_items":1}},"description_kind":"plain"}},"match":{"nesting_mode":"list","block":{"attributes":{"host":{"type":["list","string"],"description_kind":"plain","optional":true},"method":{"type":["list","string"],"description_kind":"plain","optional":true},"path":{"type":["list","string"],"description_kind":"plain","optional":true}},"block_types":{"header":{"nesting_mode":"set","block":{"attributes":{"name":{"type":"string","description_kind":"plain","required":true},"values":{"type":["list","string"],"description_kind":"plain","required":true}},"description_kind":"plain"}},"not":{"nesting_mode":"list","block":{"attributes":{"host":{"type":["list","string"],"description_kind":"plain","optional":true},"method":{"type":["list","string"],"description_kind":"plain","optional":true},"path":{"type":["list","string"],"description_kind":"plain","optional":true}},"block_types":{"header":{"nesting_mode":"set","block":{"attributes":{"name":{"type":"string","description_kind":"plain","required":true},"values":{"type":["list","string"],"description_kind":"plain","required":true}},"description_kind":"plain"}},"query":{"nesting_mode":"set","block":{"attributes":{"name":{"type":"string","description_kind":"plain","required":true},"values":{"type":["list","string"],"description_kind":"plain","required":true}},"description_kind":"plain"}}},"description_kind":"plain"}},"query":{"nesting_mode":"set","block":{"attributes":{"name":{"type":"string","description_kind":"plain","required":true},"values":{"type":["list","string"],"description_kind":"plain","required":true}},"description_kind":"plain"}}},"description_kind":"plain"}}},"description_kind":"plain"}}},"description_kind":"plain"},"max_items":1},"templates":{"nesting_mode":"set","block":{"attributes":{"delimiters":{"type":["list","string"],"description_kind":"plain","optional":true},"file_root":{"type":"string","description_kind":"plain","optional":true},"mime_types":{"type":["list","string"],"description_kind":"plain","optional":true}},"description_kind":"plain"},"max_items":1}},"description_kind":"plain"}},"match":{"nesting_mode":"list","block":{"attributes":{"host":{"type":["list","string"],"description_kind":"plain","optional":true},"method":{"type":["list","string"],"description_kind":"plain","optional":true},"path":{"type":["list","string"],"description_kind":"plain","optional":true}},"block_types":{"header":{"nesting_mode":"set","block":{"attributes":{"name":{"type":"string","description_kind":"plain","required":true},"values":{"type":["list","string"],"description_kind":"plain","required":true}},"description_kind":"plain"}},"not":{"nesting_mode":"list","block":{"attributes":{"host":{"type":["list","string"],"description_kind":"plain","optional":true},"method":{"type":["list","string"],"description_kind":"plain","optional":true},"path":{"type":["list","string"],"description_kind":"plain","optional":true}},"block_types":{"header":{"nesting_mode":"set","block":{"attributes":{"name":{"type":"string","description_kind":"plain","required":true},"values":{"type":["list","string"],"description_kind":"plain","required":true}},"description_kind":"plain"}},"query":{"nesting_mode":"set","block":{"attributes":{"name":{"type":"string","description_kind":"plain","required":true},"values":{"type":["list","string"],"description_kind":"plain","required":true}},"description_kind":"plain"}}},"description_kind":"plain"}},"query":{"nesting_mode":"set","block":{"attributes":{"name":{"type":"string","description_kind":"plain","required":true},"values":{"type":["list","string"],"description_kind":"plain","required":true}},"description_kind":"plain"}}},"description_kind":"plain"}}},"description_kind":"plain"}},"route":{"nesting_mode":"list","block":{"attributes":{"group":{"type":"string","description_kind":"plain","optional":true},"terminal":{"type":"bool","description_kind":"plain","optional":true}},"block_types":{"handle":{"nesting_mode":"list","block":{"block_types":{"file_server":{"nesting_mode":"set","block":{"attributes":{"canonical_uris":{"type":"bool","description_kind":"plain","optional":true},"hide":{"type":["list","string"],"description_kind":"plain","optional":true},"index_names":{"type":["list","string"],"description_kind":"plain","optional":true},"pass_thru":{"type":"bool","description_kind":"plain","optional":true},"root":{"type":"string","description_kind":"plain","optional":true}},"description_kind":"plain"},"max_items":1},"request_body":{"nesting_mode":"set","block":{"attributes":{"max_size":{"type":"number","description_kind":"plain","required":true}},"description_kind":"plain"},"max_items":1},"reverse_proxy":{"nesting_mode":"set","block":{"block_types":{"upstream":{"nesting_mode":"list","block":{"attributes":{"dial":{"type":"string","description_kind":"plain","optional":true}},"description_kind":"plain"},"min_items":1}},"description_kind":"plain"},"max_items":1},"static_response":{"nesting_mode":"set","block":{"attributes":{"body":{"type":"string","description_kind":"plain","optional":true},"close":{"type":"bool","description_kind":"plain","optional":true},"status_code":{"type":"string","description_kind":"plain","optional":true}},"block_types":{"header":{"nesting_mode":"set","block":{"attributes":{"name":{"type":"string","description_kind":"plain","required":true},"values":{"type":["list","string"],"description_kind":"plain","required":true}},"description_kind":"plain"}}},"description_kind":"plain"},"max_items":1},"subroute":{"nesting_mode":"set","block":{"block_types":{"error":{"nesting_mode":"list","block":{"attributes":{"group":{"type":"string","description_kind":"plain","optional":true},"terminal":{"type":"bool","description_kind":"plain","optional":true}},"block_types":{"handle":{"nesting_mode":"list","block":{"block_types":{"file_server":{"nesting_mode":"set","block":{"attributes":{"canonical_uris":{"type":"bool","description_kind":"plain","optional":true},"hide":{"type":["list","string"],"description_kind":"plain","optional":true},"index_names":{"type":["list","string"],"description_kind":"plain","optional":true},"pass_thru":{"type":"bool","description_kind":"plain","optional":true},"root":{"type":"string","description_kind":"plain","optional":true}},"description_kind":"plain"},"max_items":1},"request_body":{"nesting_mode":"set","block":{"attributes":{"max_size":{"type":"number","description_kind":"plain","required":true}},"description_kind":"plain"},"max_items":1},"reverse_proxy":{"nesting_mode":"set","block":{"block_types":{"upstream":{"nesting_mode":"list","block":{"attributes":{"dial":{"type":"string","description_kind":"plain","optional":true}},"description_kind":"plain"},"min_items":1}},"description_kind":"plain"},"max_items":1},"static_response":{"nesting_mode":"set","block":{"attributes":{"body":{"type":"string","description_kind":"plain","optional":true},"close":{"type":"bool","description_kind":"plain","optional":true},"status_code":{"type":"string","description_kind":"plain","optional":true}},"block_types":{"header":{"nesting_mode":"set","block":{"attributes":{"name":{"type":"string","description_kind":"plain","required":true},"values":{"type":["list","string"],"description_kind":"plain","required":true}},"description_kind":"plain"}}},"description_kind":"plain"},"max_items":1},"subroute":{"nesting_mode":"set","block":{"block_types":{"error":{"nesting_mode":"list","block":{"attributes":{"group":{"type":"string","description_kind":"plain","optional":true},"terminal":{"type":"bool","description_kind":"plain","optional":true}},"block_types":{"handle":{"nesting_mode":"list","block":{"block_types":{"file_server":{"nesting_mode":"set","block":{"attributes":{"canonical_uris":{"type":"bool","description_kind":"plain","optional":true},"hide":{"type":["list","string"],"description_kind":"plain","optional":true},"index_names":{"type":["list","string"],"description_kind":"plain","optional":true},"pass_thru":{"type":"bool","description_kind":"plain","optional":true},"root":{"type":"string","description_kind":"plain","optional":true}},"description_kind":"plain"},"max_items":1},"request_body":{"nesting_mode":"set","block":{"attributes":{"max_size":{"type":"number","description_kind":"plain","required":true}},"description_kind":"plain"},"max_items":1},"reverse_proxy":{"nesting_mode":"set","block":{"block_types":{"upstream":{"nesting_mode":"list","block":{"attributes":{"dial":{"type":"string","description_kind":"plain","optional":true}},"description_kind":"plain"},"min_items":1}},"description_kind":"plain"},"max_items":1},"static_response":{"nesting_mode":"set","block":{"attributes":{"body":{"type":"string","description_kind":"plain","optional":true},"close":{"type":"bool","description_kind":"plain","optional":true},"status_code":{"type":"string","description_kind":"plain","optional":true}},"block_types":{"header":{"nesting_mode":"set","block":{"attributes":{"name":{"type":"string","description_kind":"plain","required":true},"values":{"type":["list","string"],"description_kind":"plain","required":true}},"description_kind":"plain"}}},"description_kind":"plain"},"max_items":1},"templates":{"nesting_mode":"set","block":{"attributes":{"delimiters":{"type":["list","string"],"description_kind":"plain","optional":true},"file_root":{"type":"string","description_kind":"plain","optional":true},"mime_types":{"type":["list","string"],"description_kind":"plain","optional":true}},"description_kind":"plain"},"max_items":1}},"description_kind":"plain"}},"match":{"nesting_mode":"list","block":{"attributes":{"host":{"type":["list","string"],"description_kind":"plain","optional":true},"method":{"type":["list","string"],"description_kind":"plain","optional":true},"path":{"type":["list","string"],"description_kind":"plain","optional":true}},"block_types":{"header":{"nesting_mode":"set","block":{"attributes":{"name":{"type":"string","description_kind":"plain","required":true},"values":{"type":["list","string"],"description_kind":"plain","required":true}},"description_kind":"plain"}},"not":{"nesting_mode":"list","block":{"attributes":{"host":{"type":["list","string"],"description_kind":"plain","optional":true},"method":{"type":["list","string"],"description_kind":"plain","optional":true},"path":{"type":["list","string"],"description_kind":"plain","optional":true}},"block_types":{"header":{"nesting_mode":"set","block":{"attributes":{"name":{"type":"string","description_kind":"plain","required":true},"values":{"type":["list","string"],"description_kind":"plain","required":true}},"description_kind":"plain"}},"query":{"nesting_mode":"set","block":{"attributes":{"name":{"type":"string","description_kind":"plain","required":true},"values":{"type":["list","string"],"description_kind":"plain","required":true}},"description_kind":"plain"}}},"description_kind":"plain"}},"query":{"nesting_mode":"set","block":{"attributes":{"name":{"type":"string","description_kind":"plain","required":true},"values":{"type":["list","string"],"description_kind":"plain","required":true}},"description_kind":"plain"}}},"description_kind":"plain"}}},"description_kind":"plain"}},"route":{"nesting_mode":"list","block":{"attributes":{"group":{"type":"string","description_kind":"plain","optional":true},"terminal":{"type":"bool","description_kind":"plain","optional":true}},"block_types":{"handle":{"nesting_mode":"list","block":{"block_types":{"file_server":{"nesting_mode":"set","block":{"attributes":{"canonical_uris":{"type":"bool","description_kind":"plain","optional":true},"hide":{"type":["list","string"],"description_kind":"plain","optional":true},"index_names":{"type":["list","string"],"description_kind":"plain","optional":true},"pass_thru":{"type":"bool","description_kind":"plain","optional":true},"root":{"type":"string","description_kind":"plain","optional":true}},"description_kind":"plain"},"max_items":1},"request_body":{"nesting_mode":"set","block":{"attributes":{"max_size":{"type":"number","description_kind":"plain","required":true}},"description_kind":"plain"},"max_items":1},"reverse_proxy":{"nesting_mode":"set","block":{"block_types":{"upstream":{"nesting_mode":"list","block":{"attributes":{"dial":{"type":"string","description_kind":"plain","optional":true}},"description_kind":"plain"},"min_items":1}},"description_kind":"plain"},"max_items":1},"static_response":{"nesting_mode":"set","block":{"attributes":{"body":{"type":"string","description_kind":"plain","optional":true},"close":{"type":"bool","description_kind":"plain","optional":true},"status_code":{"type":"string","description_kind":"plain","optional":true}},"block_types":{"header":{"nesting_mode":"set","block":{"attributes":{"name":{"type":"string","description_kind":"plain","required":true},"values":{"type":["list","string"],"description_kind":"plain","required":true}},"description_kind":"plain"}}},"description_kind":"plain"},"max_items":1},"templates":{"nesting_mode":"set","block":{"attributes":{"delimiters":{"type":["list","string"],"description_kind":"plain","optional":true},"file_root":{"type":"string","description_kind":"plain","optional":true},"mime_types":{"type":["list","string"],"description_kind":"plain","optional":true}},"description_kind":"plain"},"max_items":1}},"description_kind":"plain"}},"match":{"nesting_mode":"list","block":{"attributes":{"host":{"type":["list","string"],"description_kind":"plain","optional":true},"method":{"type":["list","string"],"description_kind":"plain","optional":true},"path":{"type":["list","string"],"description_kind":"plain","optional":true}},"block_types":{"header":{"nesting_mode":"set","block":{"attributes":{"name":{"type":"string","description_kind":"plain","required":true},"values":{"type":["list","string"],"description_kind":"plain","required":true}},"description_kind":"plain"}},"not":{"nesting_mode":"list","block":{"attributes":{"host":{"type":["list","string"],"description_kind":"plain","optional":true},"method":{"type":["list","string"],"description_kind":"plain","optional":true},"path":{"type":["list","string"],"description_kind":"plain","optional":true}},"block_types":{"header":{"nesting_mode":"set","block":{"attributes":{"name":{"type":"string","description_kind":"plain","required":true},"values":{"type":["list","string"],"description_kind":"plain","required":true}},"description_kind":"plain"}},"query":{"nesting_mode":"set","block":{"attributes":{"name":{"type":"string","description_kind":"plain","required":true},"values":{"type":["list","string"],"description_kind":"plain","required":true}},"description_kind":"plain"}}},"description_kind":"plain"}},"query":{"nesting_mode":"set","block":{"attributes":{"name":{"type":"string","description_kind":"plain","required":true},"values":{"type":["list","string"],"description_kind":"plain","required":true}},"description_kind":"plain"}}},"description_kind":"plain"}}},"description_kind":"plain"}}},"description_kind":"plain"},"max_items":1},"templates":{"nesting_mode":"set","block":{"attributes":{"delimiters":{"type":["list","string"],"description_kind":"plain","optional":true},"file_root":{"type":"string","description_kind":"plain","optional":true},"mime_types":{"type":["list","string"],"description_kind":"plain","optional":true}},"description_kind":"plain"},"max_items":1}},"description_kind":"plain"}},"match":{"nesting_mode":"list","block":{"attributes":{"host":{"type":["list","string"],"description_kind":"plain","optional":true},"method":{"type":["list","string"],"description_kind":"plain","optional":true},"path":{"type":["list","string"],"description_kind":"plain","optional":true}},"block_types":{"header":{"nesting_mode":"set","block":{"attributes":{"name":{"type":"string","description_kind":"plain","required":true},"values":{"type":["list","string"],"description_kind":"plain","required":true}},"description_kind":"plain"}},"not":{"nesting_mode":"list","block":{"attributes":{"host":{"type":["list","string"],"description_kind":"plain","optional":true},"method":{"type":["list","string"],"description_kind":"plain","optional":true},"path":{"type":["list","string"],"description_kind":"plain","optional":true}},"block_types":{"header":{"nesting_mode":"set","block":{"attributes":{"name":{"type":"string","description_kind":"plain","required":true},"values":{"type":["list","string"],"description_kind":"plain","required":true}},"description_kind":"plain"}},"query":{"nesting_mode":"set","block":{"attributes":{"name":{"type":"string","description_kind":"plain","required":true},"values":{"type":["list","string"],"description_kind":"plain","required":true}},"description_kind":"plain"}}},"description_kind":"plain"}},"query":{"nesting_mode":"set","block":{"attributes":{"name":{"type":"string","description_kind":"plain","required":true},"values":{"type":["list","string"],"description_kind":"plain","required":true}},"description_kind":"plain"}}},"description_kind":"plain"}}},"description_kind":"plain"}},"route":{"nesting_mode":"list","block":{"attributes":{"group":{"type":"string","description_kind":"plain","optional":true},"terminal":{"type":"bool","description_kind":"plain","optional":true}},"block_types":{"handle":{"nesting_mode":"list","block":{"block_types":{"file_server":{"nesting_mode":"set","block":{"attributes":{"canonical_uris":{"type":"bool","description_kind":"plain","optional":true},"hide":{"type":["list","string"],"description_kind":"plain","optional":true},"index_names":{"type":["list","string"],"description_kind":"plain","optional":true},"pass_thru":{"type":"bool","description_kind":"plain","optional":true},"root":{"type":"string","description_kind":"plain","optional":true}},"description_kind":"plain"},"max_items":1},"request_body":{"nesting_mode":"set","block":{"attributes":{"max_size":{"type":"number","description_kind":"plain","required":true}},"description_kind":"plain"},"max_items":1},"reverse_proxy":{"nesting_mode":"set","block":{"block_types":{"upstream":{"nesting_mode":"list","block":{"attributes":{"dial":{"type":"string","description_kind":"plain","optional":true}},"description_kind":"plain"},"min_items":1}},"description_kind":"plain"},"max_items":1},"static_response":{"nesting_mode":"set","block":{"attributes":{"body":{"type":"string","description_kind":"plain","optional":true},"close":{"type":"bool","description_kind":"plain","optional":true},"status_code":{"type":"string","description_kind":"plain","optional":true}},"block_types":{"header":{"nesting_mode":"set","block":{"attributes":{"name":{"type":"string","description_kind":"plain","required":true},"values":{"type":["list","string"],"description_kind":"plain","required":true}},"description_kind":"plain"}}},"description_kind":"plain"},"max_items":1},"subroute":{"nesting_mode":"set","block":{"block_types":{"error":{"nesting_mode":"list","block":{"attributes":{"group":{"type":"string","description_kind":"plain","optional":true},"terminal":{"type":"bool","description_kind":"plain","optional":true}},"block_types":{"handle":{"nesting_mode":"list","block":{"block_types":{"file_server":{"nesting_mode":"set","block":{"attributes":{"canonical_uris":{"type":"bool","description_kind":"plain","optional":true},"hide":{"type":["list","string"],"description_kind":"plain","optional":true},"index_names":{"type":["list","string"],"description_kind":"plain","optional":true},"pass_thru":{"type":"bool","description_kind":"plain","optional":true},"root":{"type":"string","description_kind":"plain","optional":true}},"description_kind":"plain"},"max_items":1},"request_body":{"nesting_mode":"set","block":{"attributes":{"max_size":{"type":"number","description_kind":"plain","required":true}},"description_kind":"plain"},"max_items":1},"reverse_proxy":{"nesting_mode":"set","block":{"block_types":{"upstream":{"nesting_mode":"list","block":{"attributes":{"dial":{"type":"string","description_kind":"plain","optional":true}},"description_kind":"plain"},"min_items":1}},"description_kind":"plain"},"max_items":1},"static_response":{"nesting_mode":"set","block":{"attributes":{"body":{"type":"string","description_kind":"plain","optional":true},"close":{"type":"bool","description_kind":"plain","optional":true},"status_code":{"type":"string","description_kind":"plain","optional":true}},"block_types":{"header":{"nesting_mode":"set","block":{"attributes":{"name":{"type":"string","description_kind":"plain","required":true},"values":{"type":["list","string"],"description_kind":"plain","required":true}},"description_kind":"plain"}}},"description_kind":"plain"},"max_items":1},"templates":{"nesting_mode":"set","block":{"attributes":{"delimiters":{"type":["list","string"],"description_kind":"plain","optional":true},"file_root":{"type":"string","description_kind":"plain","optional":true},"mime_types":{"type":["list","string"],"description_kind":"plain","optional":true}},"description_kind":"plain"},"max_items":1}},"description_kind":"plain"}},"match":{"nesting_mode":"list","block":{"attributes":{"host":{"type":["list","string"],"description_kind":"plain","optional":true},"method":{"type":["list","string"],"description_kind":"plain","optional":true},"path":{"type":["list","string"],"description_kind":"plain","optional":true}},"block_types":{"header":{"nesting_mode":"set","block":{"attributes":{"name":{"type":"string","description_kind":"plain","required":true},"values":{"type":["list","string"],"description_kind":"plain","required":true}},"description_kind":"plain"}},"not":{"nesting_mode":"list","block":{"attributes":{"host":{"type":["list","string"],"description_kind":"plain","optional":true},"method":{"type":["list","string"],"description_kind":"plain","optional":true},"path":{"type":["list","string"],"description_kind":"plain","optional":true}},"block_types":{"header":{"nesting_mode":"set","block":{"attributes":{"name":{"type":"string","description_kind":"plain","required":true},"values":{"type":["list","string"],"description_kind":"plain","required":true}},"description_kind":"plain"}},"query":{"nesting_mode":"set","block":{"attributes":{"name":{"type":"string","description_kind":"plain","required":true},"values":{"type":["list","string"],"description_kind":"plain","required":true}},"description_kind":"plain"}}},"description_kind":"plain"}},"query":{"nesting_mode":"set","block":{"attributes":{"name":{"type":"string","description_kind":"plain","required":true},"values":{"type":["list","string"],"description_kind":"plain","required":true}},"description_kind":"plain"}}},"description_kind":"plain"}}},"description_kind":"plain"}},"route":{"nesting_mode":"list","block":{"attributes":{"group":{"type":"string","description_kind":"plain","optional":true},"terminal":{"type":"bool","description_kind":"plain","optional":true}},"block_types":{"handle":{"nesting_mode":"list","block":{"block_types":{"file_server":{"nesting_mode":"set","block":{"attributes":{"canonical_uris":{"type":"bool","description_kind":"plain","optional":true},"hide":{"type":["list","string"],"description_kind":"plain","optional":true},"index_names":{"type":["list","string"],"description_kind":"plain","optional":true},"pass_thru":{"type":"bool","description_kind":"plain","optional":true},"root":{"type":"string","description_kind":"plain","optional":true}},"description_kind":"plain"},"max_items":1},"request_body":{"nesting_mode":"set","block":{"attributes":{"max_size":{"type":"number","description_kind":"plain","required":true}},"description_kind":"plain"},"max_items":1},"reverse_proxy":{"nesting_mode":"set","block":{"block_types":{"upstream":{"nesting_mode":"list","block":{"attributes":{"dial":{"type":"string","description_kind":"plain","optional":true}},"description_kind":"plain"},"min_items":1}},"description_kind":"plain"},"max_items":1},"static_response":{"nesting_mode":"set","block":{"attributes":{"body":{"type":"string","description_kind":"plain","optional":true},"close":{"type":"bool","description_kind":"plain","optional":true},"status_code":{"type":"string","description_kind":"plain","optional":true}},"block_types":{"header":{"nesting_mode":"set","block":{"attributes":{"name":{"type":"string","description_kind":"plain","required":true},"values":{"type":["list","string"],"description_kind":"plain","required":true}},"description_kind":"plain"}}},"description_kind":"plain"},"max_items":1},"templates":{"nesting_mode":"set","block":{"attributes":{"delimiters":{"type":["list","string"],"description_kind":"plain","optional":true},"file_root":{"type":"string","description_kind":"plain","optional":true},"mime_types":{"type":["list","string"],"description_kind":"plain","optional":true}},"description_kind":"plain"},"max_items":1}},"description_kind":"plain"}},"match":{"nesting_mode":"list","block":{"attributes":{"host":{"type":["list","string"],"description_kind":"plain","optional":true},"method":{"type":["list","string"],"description_kind":"plain","optional":true},"path":{"type":["list","string"],"description_kind":"plain","optional":true}},"block_types":{"header":{"nesting_mode":"set","block":{"attributes":{"name":{"type":"string","description_kind":"plain","required":true},"values":{"type":["list","string"],"description_kind":"plain","required":true}},"description_kind":"plain"}},"not":{"nesting_mode":"list","block":{"attributes":{"host":{"type":["list","string"],"description_kind":"plain","optional":true},"method":{"type":["list","string"],"description_kind":"plain","optional":true},"path":{"type":["list","string"],"description_kind":"plain","optional":true}},"block_types":{"header":{"nesting_mode":"set","block":{"attributes":{"name":{"type":"string","description_kind":"plain","required":true},"values":{"type":["list","string"],"description_kind":"plain","required":true}},"description_kind":"plain"}},"query":{"nesting_mode":"set","block":{"attributes":{"name":{"type":"string","description_kind":"plain","required":true},"values":{"type":["list","string"],"description_kind":"plain","required":true}},"description_kind":"plain"}}},"description_kind":"plain"}},"query":{"nesting_mode":"set","block":{"attributes":{"name":{"type":"string","description_kind":"plain","required":true},"values":{"type":["list","string"],"description_kind":"plain","required":true}},"description_kind":"plain"}}},"description_kind":"plain"}}},"description_kind":"plain"}}},"description_kind":"plain"},"max_items":1},"templates":{"nesting_mode":"set","block":{"attributes":{"delimiters":{"type":["list","string"],"description_kind":"plain","optional":true},"file_root":{"type":"string","description_kind":"plain","optional":true},"mime_types":{"type":["list","string"],"description_kind":"plain","optional":true}},"description_kind":"plain"},"max_items":1}},"description_kind":"plain"}},"match":{"nesting_mode":"list","block":{"attributes":{"host":{"type":["list","string"],"description_kind":"plain","optional":true},"method":{"type":["list","string"],"description_kind":"plain","optional":true},"path":{"type":["list","string"],"description_kind":"plain","optional":true}},"block_types":{"header":{"nesting_mode":"set","block":{"attributes":{"name":{"type":"string","description_kind":"plain","required":true},"values":{"type":["list","string"],"description_kind":"plain","required":true}},"description_kind":"plain"}},"not":{"nesting_mode":"list","block":{"attributes":{"host":{"type":["list","string"],"description_kind":"plain","optional":true},"method":{"type":["list","string"],"description_kind":"plain","optional":true},"path":{"type":["list","string"],"description_kind":"plain","optional":true}},"block_types":{"header":{"nesting_mode":"set","block":{"attributes":{"name":{"type":"string","description_kind":"plain","required":true},"values":{"type":["list","string"],"description_kind":"plain","required":true}},"description_kind":"plain"}},"query":{"nesting_mode":"set","block":{"attributes":{"name":{"type":"string","description_kind":"plain","required":true},"values":{"type":["list","string"],"description_kind":"plain","required":true}},"description_kind":"plain"}}},"description_kind":"plain"}},"query":{"nesting_mode":"set","block":{"attributes":{"name":{"type":"string","description_kind":"plain","required":true},"values":{"type":["list","string"],"description_kind":"plain","required":true}},"description_kind":"plain"}}},"description_kind":"plain"}}},"description_kind":"plain"}}},"description_kind":"plain"},"max_items":1},"templates":{"nesting_mode":"set","block":{"attributes":{"delimiters":{"type":["list","string"],"description_kind":"plain","optional":true},"file_root":{"type":"string","description_kind":"plain","optional":true},"mime_types":{"type":["list","string"],"description_kind":"plain","optional":true}},"description_kind":"plain"},"max_items":1}},"description_kind":"plain"}},"match":{"nesting_mode":"list","block":{"attributes":{"host":{"type":["list","string"],"description_kind":"plain","optional":true},"method":{"type":["list","string"],"description_kind":"plain","optional":true},"path":{"type":["list","string"],"description_kind":"plain","optional":true}},"block_types":{"header":{"nesting_mode":"set","block":{"attributes":{"name":{"type":"string","description_kind":"plain","required":true},"values":{"type":["list","string"],"description_kind":"plain","required":true}},"description_kind":"plain"}},"not":{"nesting_mode":"list","block":{"attributes":{"host":{"type":["list","string"],"description_kind":"plain","optional":true},"method":{"type":["list","string"],"description_kind":"plain","optional":true},"path":{"type":["list","string"],"description_kind":"plain","optional":true}},"block_types":{"header":{"nesting_mode":"set","block":{"attributes":{"name":{"type":"string","description_kind":"plain","required":true},"values":{"type":["list","string"],"description_kind":"plain","required":true}},"description_kind":"plain"}},"query":{"nesting_mode":"set","block":{"attributes":{"name":{"type":"string","description_kind":"plain","required":true},"values":{"type":["list","string"],"description_kind":"plain","required":true}},"description_kind":"plain"}}},"description_kind":"plain"}},"query":{"nesting_mode":"set","block":{"attributes":{"name":{"type":"string","description_kind":"plain","required":true},"values":{"type":["list","string"],"description_kind":"plain","required":true}},"description_kind":"plain"}}},"description_kind":"plain"}}},"description_kind":"plain"}}},"description_kind":"plain"},"max_items":1},"templates":{"nesting_mode":"set","block":{"attributes":{"delimiters":{"type":["list","string"],"description_kind":"plain","optional":true},"file_root":{"type":"string","description_kind":"plain","optional":true},"mime_types":{"type":["list","string"],"description_kind":"plain","optional":true}},"description_kind":"plain"},"max_items":1}},"description_kind":"plain"}},"match":{"nesting_mode":"list","block":{"attributes":{"host":{"type":["list","string"],"description_kind":"plain","optional":true},"method":{"type":["list","string"],"description_kind":"plain","optional":true},"path":{"type":["list","string"],"description_kind":"plain","optional":true}},"block_types":{"header":{"nesting_mode":"set","block":{"attributes":{"name":{"type":"string","description_kind":"plain","required":true},"values":{"type":["list","string"],"description_kind":"plain","required":true}},"description_kind":"plain"}},"not":{"nesting_mode":"list","block":{"attributes":{"host":{"type":["list","string"],"description_kind":"plain","optional":true},"method":{"type":["list","string"],"description_kind":"plain","optional":true},"path":{"type":["list","string"],"description_kind":"plain","optional":true}},"block_types":{"header":{"nesting_mode":"set","block":{"attributes":{"name":{"type":"string","description_kind":"plain","required":true},"values":{"type":["list","string"],"description_kind":"plain","required":true}},"description_kind":"plain"}},"query":{"nesting_mode":"set","block":{"attributes":{"name":{"type":"string","description_kind":"plain","required":true},"values":{"type":["list","string"],"description_kind":"plain","required":true}},"description_kind":"plain"}}},"description_kind":"plain"}},"query":{"nesting_mode":"set","block":{"attributes":{"name":{"type":"string","description_kind":"plain","required":true},"values":{"type":["list","string"],"description_kind":"plain","required":true}},"description_kind":"plain"}}},"description_kind":"plain"}}},"description_kind":"plain"}}},"description_kind":"plain"},"max_items":1},"templates":{"nesting_mode":"set","block":{"attributes":{"delimiters":{"type":["list","string"],"description_kind":"plain","optional":true},"file_root":{"type":"string","description_kind":"plain","optional":true},"mime_types":{"type":["list","string"],"description_kind":"plain","optional":true}},"description_kind":"plain"},"max_items":1}},"description_kind":"plain"}},"match":{"nesting_mode":"list","block":{"attributes":{"host":{"type":["list","string"],"description_kind":"plain","optional":true},"method":{"type":["list","string"],"description_kind":"plain","optional":true},"path":{"type":["list","string"],"description_kind":"plain","optional":true}},"block_types":{"header":{"nesting_mode":"set","block":{"attributes":{"name":{"type":"string","description_kind":"plain","required":true},"values":{"type":["list","string"],"description_kind":"plain","required":true}},"description_kind":"plain"}},"not":{"nesting_mode":"list","block":{"attributes":{"host":{"type":["list","string"],"description_kind":"plain","optional":true},"method":{"type":["list","string"],"description_kind":"plain","optional":true},"path":{"type":["list","string"],"description_kind":"plain","optional":true}},"block_types":{"header":{"nesting_mode":"set","block":{"attributes":{"name":{"type":"string","description_kind":"plain","required":true},"values":{"type":["list","string"],"description_kind":"plain","required":true}},"description_kind":"plain"}},"query":{"nesting_mode":"set","block":{"attributes":{"name":{"type":"string","description_kind":"plain","required":true},"values":{"type":["list","string"],"description_kind":"plain","required":true}},"description_kind":"plain"}}},"description_kind":"plain"}},"query":{"nesting_mode":"set","block":{"attributes":{"name":{"type":"string","description_kind":"plain","required":true},"values":{"type":["list","string"],"description_kind":"plain","required":true}},"description_kind":"plain"}}},"description_kind":"plain"}}},"description_kind":"plain"}},"route":{"nesting_mode":"list","block":{"attributes":{"group":{"type":"string","description_kind":"plain","optional":true},"terminal":{"type":"bool","description_kind":"plain","optional":true}},"block_types":{"handle":{"nesting_mode":"list","block":{"block_types":{"file_server":{"nesting_mode":"set","block":{"attributes":{"canonical_uris":{"type":"bool","description_kind":"plain","optional":true},"hide":{"type":["list","string"],"description_kind":"plain","optional":true},"index_names":{"type":["list","string"],"description_kind":"plain","optional":true},"pass_thru":{"type":"bool","description_kind":"plain","optional":true},"root":{"type":"string","description_kind":"plain","optional":true}},"description_kind":"plain"},"max_items":1},"request_body":{"nesting_mode":"set","block":{"attributes":{"max_size":{"type":"number","description_kind":"plain","required":true}},"description_kind":"plain"},"max_items":1},"reverse_proxy":{"nesting_mode":"set","block":{"block_types":{"upstream":{"nesting_mode":"list","block":{"attributes":{"dial":{"type":"string","description_kind":"plain","optional":true}},"description_kind":"plain"},"min_items":1}},"description_kind":"plain"},"max_items":1},"static_response":{"nesting_mode":"set","block":{"attributes":{"body":{"type":"string","description_kind":"plain","optional":true},"close":{"type":"bool","description_kind":"plain","optional":true},"status_code":{"type":"string","description_kind":"plain","optional":true}},"block_types":{"header":{"nesting_mode":"set","block":{"attributes":{"name":{"type":"string","description_kind":"plain","required":true},"values":{"type":["list","string"],"description_kind":"plain","required":true}},"description_kind":"plain"}}},"description_kind":"plain"},"max_items":1},"subroute":{"nesting_mode":"set","block":{"block_types":{"error":{"nesting_mode":"list","block":{"attributes":{"group":{"type":"string","description_kind":"plain","optional":true},"terminal":{"type":"bool","description_kind":"plain","optional":true}},"block_types":{"handle":{"nesting_mode":"list","block":{"block_types":{"file_server":{"nesting_mode":"set","block":{"attributes":{"canonical_uris":{"type":"bool","description_kind":"plain","optional":true},"hide":{"type":["list","string"],"description_kind":"plain","optional":true},"index_names":{"type":["list","string"],"description_kind":"plain","optional":true},"pass_thru":{"type":"bool","description_kind":"plain","optional":true},"root":{"type":"string","description_kind":"plain","optional":true}},"description_kind":"plain"},"max_items":1},"request_body":{"nesting_mode":"set","block":{"attributes":{"max_size":{"type":"number","description_kind":"plain","required":true}},"description_kind":"plain"},"max_items":1},"reverse_proxy":{"nesting_mode":"set","block":{"block_types":{"upstream":{"nesting_mode":"list","block":{"attributes":{"dial":{"type":"string","description_kind":"plain","optional":true}},"description_kind":"plain"},"min_items":1}},"description_kind":"plain"},"max_items":1},"static_response":{"nesting_mode":"set","block":{"attributes":{"body":{"type":"string","description_kind":"plain","optional":true},"close":{"type":"bool","description_kind":"plain","optional":true},"status_code":{"type":"string","description_kind":"plain","optional":true}},"block_types":{"header":{"nesting_mode":"set","block":{"attributes":{"name":{"type":"string","description_kind":"plain","required":true},"values":{"type":["list","string"],"description_kind":"plain","required":true}},"description_kind":"plain"}}},"description_kind":"plain"},"max_items":1},"subroute":{"nesting_mode":"set","block":{"block_types":{"error":{"nesting_mode":"list","block":{"attributes":{"group":{"type":"string","description_kind":"plain","optional":true},"terminal":{"type":"bool","description_kind":"plain","optional":true}},"block_types":{"handle":{"nesting_mode":"list","block":{"block_types":{"file_server":{"nesting_mode":"set","block":{"attributes":{"canonical_uris":{"type":"bool","description_kind":"plain","optional":true},"hide":{"type":["list","string"],"description_kind":"plain","optional":true},"index_names":{"type":["list","string"],"description_kind":"plain","optional":true},"pass_thru":{"type":"bool","description_kind":"plain","optional":true},"root":{"type":"string","description_kind":"plain","optional":true}},"description_kind":"plain"},"max_items":1},"request_body":{"nesting_mode":"set","block":{"attributes":{"max_size":{"type":"number","description_kind":"plain","required":true}},"description_kind":"plain"},"max_items":1},"reverse_proxy":{"nesting_mode":"set","block":{"block_types":{"upstream":{"nesting_mode":"list","block":{"attributes":{"dial":{"type":"string","description_kind":"plain","optional":true}},"description_kind":"plain"},"min_items":1}},"description_kind":"plain"},"max_items":1},"static_response":{"nesting_mode":"set","block":{"attributes":{"body":{"type":"string","description_kind":"plain","optional":true},"close":{"type":"bool","description_kind":"plain","optional":true},"status_code":{"type":"string","description_kind":"plain","optional":true}},"block_types":{"header":{"nesting_mode":"set","block":{"attributes":{"name":{"type":"string","description_kind":"plain","required":true},"values":{"type":["list","string"],"description_kind":"plain","required":true}},"description_kind":"plain"}}},"description_kind":"plain"},"max_items":1},"subroute":{"nesting_mode":"set","block":{"block_types":{"error":{"nesting_mode":"list","block":{"attributes":{"group":{"type":"string","description_kind":"plain","optional":true},"terminal":{"type":"bool","description_kind":"plain","optional":true}},"block_types":{"handle":{"nesting_mode":"list","block":{"block_types":{"file_server":{"nesting_mode":"set","block":{"attributes":{"canonical_uris":{"type":"bool","description_kind":"plain","optional":true},"hide":{"type":["list","string"],"description_kind":"plain","optional":true},"index_names":{"type":["list","string"],"description_kind":"plain","optional":true},"pass_thru":{"type":"bool","description_kind":"plain","optional":true},"root":{"type":"string","description_kind":"plain","optional":true}},"description_kind":"plain"},"max_items":1},"request_body":{"nesting_mode":"set","block":{"attributes":{"max_size":{"type":"number","description_kind":"plain","required":true}},"description_kind":"plain"},"max_items":1},"reverse_proxy":{"nesting_mode":"set","block":{"block_types":{"upstream":{"nesting_mode":"list","block":{"attributes":{"dial":{"type":"string","description_kind":"plain","optional":true}},"description_kind":"plain"},"min_items":1}},"description_kind":"plain"},"max_items":1},"static_response":{"nesting_mode":"set","block":{"attributes":{"body":{"type":"string","description_kind":"plain","optional":true},"close":{"type":"bool","description_kind":"plain","optional":true},"status_code":{"type":"string","description_kind":"plain","optional":true}},"block_types":{"header":{"nesting_mode":"set","block":{"attributes":{"name":{"type":"string","description_kind":"plain","required":true},"values":{"type":["list","string"],"description_kind":"plain","required":true}},"description_kind":"plain"}}},"description_kind":"plain"},"max_items":1},"subroute":{"nesting_mode":"set","block":{"block_types":{"error":{"nesting_mode":"list","block":{"attributes":{"group":{"type":"string","description_kind":"plain","optional":true},"terminal":{"type":"bool","description_kind":"plain","optional":true}},"block_types":{"handle":{"nesting_mode":"list","block":{"block_types":{"file_server":{"nesting_mode":"set","block":{"attributes":{"canonical_uris":{"type":"bool","description_kind":"plain","optional":true},"hide":{"type":["list","string"],"description_kind":"plain","optional":true},"index_names":{"type":["list","string"],"description_kind":"plain","optional":true},"pass_thru":{"type":"bool","description_kind":"plain","optional":true},"root":{"type":"string","description_kind":"plain","optional":true}},"description_kind":"plain"},"max_items":1},"request_body":{"nesting_mode":"set","block":{"attributes":{"max_size":{"type":"number","description_kind":"plain","required":true}},"description_kind":"plain"},"max_items":1},"reverse_proxy":{"nesting_mode":"set","block":{"block_types":{"upstream":{"nesting_mode":"list","block":{"attributes":{"dial":{"type":"string","description_kind":"plain","optional":true}},"description_kind":"plain"},"min_items":1}},"description_kind":"plain"},"max_items":1},"static_response":{"nesting_mode":"set","block":{"attributes":{"body":{"type":"string","description_kind":"plain","optional":true},"close":{"type":"bool","description_kind":"plain","optional":true},"status_code":{"type":"string","description_kind":"plain","optional":true}},"block_types":{"header":{"nesting_mode":"set","block":{"attributes":{"name":{"type":"string","description_kind":"plain","required":true},"values":{"type":["list","string"],"description_kind":"plain","required":true}},"description_kind":"plain"}}},"description_kind":"plain"},"max_items":1},"templates":{"nesting_mode":"set","block":{"attributes":{"delimiters":{"type":["list","string"],"description_kind":"plain","optional":true},"file_root":{"type":"string","description_kind":"plain","optional":true},"mime_types":{"type":["list","string"],"description_kind":"plain","optional":true}},"description_kind":"plain"},"max_items":1}},"description_kind":"plain"}},"match":{"nesting_mode":"list","block":{"attributes":{"host":{"type":["list","string"],"description_kind":"plain","optional":true},"method":{"type":["list","string"],"description_kind":"plain","optional":true},"path":{"type":["list","string"],"description_kind":"plain","optional":true}},"block_types":{"header":{"nesting_mode":"set","block":{"attributes":{"name":{"type":"string","description_kind":"plain","required":true},"values":{"type":["list","string"],"description_kind":"plain","required":true}},"description_kind":"plain"}},"not":{"nesting_mode":"list","block":{"attributes":{"host":{"type":["list","string"],"description_kind":"plain","optional":true},"method":{"type":["list","string"],"description_kind":"plain","optional":true},"path":{"type":["list","string"],"description_kind":"plain","optional":true}},"block_types":{"header":{"nesting_mode":"set","block":{"attributes":{"name":{"type":"string","description_kind":"plain","required":true},"values":{"type":["list","string"],"description_kind":"plain","required":true}},"description_kind":"plain"}},"query":{"nesting_mode":"set","block":{"attributes":{"name":{"type":"string","description_kind":"plain","required":true},"values":{"type":["list","string"],"description_kind":"plain","required":true}},"description_kind":"plain"}}},"description_kind":"plain"}},"query":{"nesting_mode":"set","block":{"attributes":{"name":{"type":"string","description_kind":"plain","required":true},"values":{"type":["list","string"],"description_kind":"plain","required":true}},"description_kind":"plain"}}},"description_kind":"plain"}}},"description_kind":"plain"}},"route":{"nesting_mode":"list","block":{"attributes":{"group":{"type":"string","description_kind":"plain","optional":true},"terminal":{"type":"bool","description_kind":"plain","optional":true}},"block_types":{"handle":{"nesting_mode":"list","block":{"block_types":{"file_server":{"nesting_mode":"set","block":{"attributes":{"canonical_uris":{"type":"bool","description_kind":"plain","optional":true},"hide":{"type":["list","string"],"description_kind":"plain","optional":true},"index_names":{"type":["list","string"],"description_kind":"plain","optional":true},"pass_thru":{"type":"bool","description_kind":"plain","optional":true},"root":{"type":"string","description_kind":"plain","optional":true}},"description_kind":"plain"},"max_items":1},"request_body":{"nesting_mode":"set","block":{"attributes":{"max_size":{"type":"number","description_kind":"plain","required":true}},"description_kind":"plain"},"max_items":1},"reverse_proxy":{"nesting_mode":"set","block":{"block_types":{"upstream":{"nesting_mode":"list","block":{"attributes":{"dial":{"type":"string","description_kind":"plain","optional":true}},"description_kind":"plain"},"min_items":1}},"description_kind":"plain"},"max_items":1},"static_response":{"nesting_mode":"set","block":{"attributes":{"body":{"type":"string","description_kind":"plain","optional":true},"close":{"type":"bool","description_kind":"plain","optional":true},"status_code":{"type":"string","description_kind":"plain","optional":true}},"block_types":{"header":{"nesting_mode":"set","block":{"attributes":{"name":{"type":"string","description_kind":"plain","required":true},"values":{"type":["list","string"],"description_kind":"plain","required":true}},"description_kind":"plain"}}},"description_kind":"plain"},"max_items":1},"templates":{"nesting_mode":"set","block":{"attributes":{"delimiters":{"type":["list","string"],"description_kind":"plain","optional":true},"file_root":{"type":"string","description_kind":"plain","optional":true},"mime_types":{"type":["list","string"],"description_kind":"plain","optional":true}},"description_kind":"plain"},"max_items":1}},"description_kind":"plain"}},"match":{"nesting_mode":"list","block":{"attributes":{"host":{"type":["list","string"],"description_kind":"plain","optional":true},"method":{"type":["list","string"],"description_kind":"plain","optional":true},"path":{"type":["list","string"],"description_kind":"plain","optional":true}},"block_types":{"header":{"nesting_mode":"set","block":{"attributes":{"name":{"type":"string","description_kind":"plain","required":true},"values":{"type":["list","string"],"description_kind":"plain","required":true}},"description_kind":"plain"}},"not":{"nesting_mode":"list","block":{"attributes":{"host":{"type":["list","string"],"description_kind":"plain","optional":true},"method":{"type":["list","string"],"description_kind":"plain","optional":true},"path":{"type":["list","string"],"description_kind":"plain","optional":true}},"block_types":{"header":{"nesting_mode":"set","block":{"attributes":{"name":{"type":"string","description_kind":"plain","required":true},"values":{"type":["list","string"],"description_kind":"plain","required":true}},"description_kind":"plain"}},"query":{"nesting_mode":"set","block":{"attributes":{"name":{"type":"string","description_kind":"plain","required":true},"values":{"type":["list","string"],"description_kind":"plain","required":true}},"description_kind":"plain"}}},"description_kind":"plain"}},"query":{"nesting_mode":"set","block":{"attributes":{"name":{"type":"string","description_kind":"plain","required":true},"values":{"type":["list","string"],"description_kind":"plain","required":true}},"description_kind":"plain"}}},"description_kind":"plain"}}},"description_kind":"plain"}}},"description_kind":"plain"},"max_items":1},"templates":{"nesting_mode":"set","block":{"attributes":{"delimiters":{"type":["list","string"],"description_kind":"plain","optional":true},"file_root":{"type":"string","description_kind":"plain","optional":true},"mime_types":{"type":["list","string"],"description_kind":"plain","optional":true}},"description_kind":"plain"},"max_items":1}},"description_kind":"plain"}},"match":{"nesting_mode":"list","block":{"attributes":{"host":{"type":["list","string"],"description_kind":"plain","optional":true},"method":{"type":["list","string"],"description_kind":"plain","optional":true},"path":{"type":["list","string"],"description_kind":"plain","optional":true}},"block_types":{"header":{"nesting_mode":"set","block":{"attributes":{"name":{"type":"string","description_kind":"plain","required":true},"values":{"type":["list","string"],"description_kind":"plain","required":true}},"description_kind":"plain"}},"not":{"nesting_mode":"list","block":{"attributes":{"host":{"type":["list","string"],"description_kind":"plain","optional":true},"method":{"type":["list","string"],"description_kind":"plain","optional":true},"path":{"type":["list","string"],"description_kind":"plain","optional":true}},"block_types":{"header":{"nesting_mode":"set","block":{"attributes":{"name":{"type":"string","description_kind":"plain","required":true},"values":{"type":["list","string"],"description_kind":"plain","required":true}},"description_kind":"plain"}},"query":{"nesting_mode":"set","block":{"attributes":{"name":{"type":"string","description_kind":"plain","required":true},"values":{"type":["list","string"],"description_kind":"plain","required":true}},"description_kind":"plain"}}},"description_kind":"plain"}},"query":{"nesting_mode":"set","block":{"attributes":{"name":{"type":"string","description_kind":"plain","required":true},"values":{"type":["list","string"],"description_kind":"plain","required":true}},"description_kind":"plain"}}},"description_kind":"plain"}}},"description_kind":"plain"}},"route":{"nesting_mode":"list","block":{"attributes":{"group":{"type":"string","description_kind":"plain","optional":true},"terminal":{"type":"bool","description_kind":"plain","optional":true}},"block_types":{"handle":{"nesting_mode":"list","block":{"block_types":{"file_server":{"nesting_mode":"set","block":{"attributes":{"canonical_uris":{"type":"bool","description_kind":"plain","optional":true},"hide":{"type":["list","string"],"description_kind":"plain","optional":true},"index_names":{"type":["list","string"],"description_kind":"plain","optional":true},"pass_thru":{"type":"bool","description_kind":"plain","optional":true},"root":{"type":"string","description_kind":"plain","optional":true}},"description_kind":"plain"},"max_items":1},"request_body":{"nesting_mode":"set","block":{"attributes":{"max_size":{"type":"number","description_kind":"plain","required":true}},"description_kind":"plain"},"max_items":1},"reverse_proxy":{"nesting_mode":"set","block":{"block_types":{"upstream":{"nesting_mode":"list","block":{"attributes":{"dial":{"type":"string","description_kind":"plain","optional":true}},"description_kind":"plain"},"min_items":1}},"description_kind":"plain"},"max_items":1},"static_response":{"nesting_mode":"set","block":{"attributes":{"body":{"type":"string","description_kind":"plain","optional":true},"close":{"type":"bool","description_kind":"plain","optional":true},"status_code":{"type":"string","description_kind":"plain","optional":true}},"block_types":{"header":{"nesting_mode":"set","block":{"attributes":{"name":{"type":"string","description_kind":"plain","required":true},"values":{"type":["list","string"],"description_kind":"plain","required":true}},"description_kind":"plain"}}},"description_kind":"plain"},"max_items":1},"subroute":{"nesting_mode":"set","block":{"block_types":{"error":{"nesting_mode":"list","block":{"attributes":{"group":{"type":"string","description_kind":"plain","optional":true},"terminal":{"type":"bool","description_kind":"plain","optional":true}},"block_types":{"handle":{"nesting_mode":"list","block":{"block_types":{"file_server":{"nesting_mode":"set","block":{"attributes":{"canonical_uris":{"type":"bool","description_kind":"plain","optional":true},"hide":{"type":["list","string"],"description_kind":"plain","optional":true},"index_names":{"type":["list","string"],"description_kind":"plain","optional":true},"pass_thru":{"type":"bool","description_kind":"plain","optional":true},"root":{"type":"string","description_kind":"plain","optional":true}},"description_kind":"plain"},"max_items":1},"request_body":{"nesting_mode":"set","block":{"attributes":{"max_size":{"type":"number","description_kind":"plain","required":true}},"description_kind":"plain"},"max_items":1},"reverse_proxy":{"nesting_mode":"set","block":{"block_types":{"upstream":{"nesting_mode":"list","block":{"attributes":{"dial":{"type":"string","description_kind":"plain","optional":true}},"description_kind":"plain"},"min_items":1}},"description_kind":"plain"},"max_items":1},"static_response":{"nesting_mode":"set","block":{"attributes":{"body":{"type":"string","description_kind":"plain","optional":true},"close":{"type":"bool","description_kind":"plain","optional":true},"status_code":{"type":"string","description_kind":"plain","optional":true}},"block_types":{"header":{"nesting_mode":"set","block":{"attributes":{"name":{"type":"string","description_kind":"plain","required":true},"values":{"type":["list","string"],"description_kind":"plain","required":true}},"description_kind":"plain"}}},"description_kind":"plain"},"max_items":1},"templates":{"nesting_mode":"set","block":{"attributes":{"delimiters":{"type":["list","string"],"description_kind":"plain","optional":true},"file_root":{"type":"string","description_kind":"plain","optional":true},"mime_types":{"type":["list","string"],"description_kind":"plain","optional":true}},"description_kind":"plain"},"max_items":1}},"description_kind":"plain"}},"match":{"nesting_mode":"list","block":{"attributes":{"host":{"type":["list","string"],"description_kind":"plain","optional":true},"method":{"type":["list","string"],"description_kind":"plain","optional":true},"path":{"type":["list","string"],"description_kind":"plain","optional":true}},"block_types":{"header":{"nesting_mode":"set","block":{"attributes":{"name":{"type":"string","description_kind":"plain","required":true},"values":{"type":["list","string"],"description_kind":"plain","required":true}},"description_kind":"plain"}},"not":{"nesting_mode":"list","block":{"attributes":{"host":{"type":["list","string"],"description_kind":"plain","optional":true},"method":{"type":["list","string"],"description_kind":"plain","optional":true},"path":{"type":["list","string"],"description_kind":"plain","optional":true}},"block_types":{"header":{"nesting_mode":"set","block":{"attributes":{"name":{"type":"string","description_kind":"plain","required":true},"values":{"type":["list","string"],"description_kind":"plain","required":true}},"description_kind":"plain"}},"query":{"nesting_mode":"set","block":{"attributes":{"name":{"type":"string","description_kind":"plain","required":true},"values":{"type":["list","string"],"description_kind":"plain","required":true}},"description_kind":"plain"}}},"description_kind":"plain"}},"query":{"nesting_mode":"set","block":{"attributes":{"name":{"type":"string","description_kind":"plain","required":true},"values":{"type":["list","string"],"description_kind":"plain","required":true}},"description_kind":"plain"}}},"description_kind":"plain"}}},"description_kind":"plain"}},"route":{"nesting_mode":"list","block":{"attributes":{"group":{"type":"string","description_kind":"plain","optional":true},"terminal":{"type":"bool","description_kind":"plain","optional":true}},"block_types":{"handle":{"nesting_mode":"list","block":{"block_types":{"file_server":{"nesting_mode":"set","block":{"attributes":{"canonical_uris":{"type":"bool","description_kind":"plain","optional":true},"hide":{"type":["list","string"],"description_kind":"plain","optional":true},"index_names":{"type":["list","string"],"description_kind":"plain","optional":true},"pass_thru":{"type":"bool","description_kind":"plain","optional":true},"root":{"type":"string","description_kind":"plain","optional":true}},"description_kind":"plain"},"max_items":1},"request_body":{"nesting_mode":"set","block":{"attributes":{"max_size":{"type":"number","description_kind":"plain","required":true}},"description_kind":"plain"},"max_items":1},"reverse_proxy":{"nesting_mode":"set","block":{"block_types":{"upstream":{"nesting_mode":"list","block":{"attributes":{"dial":{"type":"string","description_kind":"plain","optional":true}},"description_kind":"plain"},"min_items":1}},"description_kind":"plain"},"max_items":1},"static_response":{"nesting_mode":"set","block":{"attributes":{"body":{"type":"string","description_kind":"plain","optional":true},"close":{"type":"bool","description_kind":"plain","optional":true},"status_code":{"type":"string","description_kind":"plain","optional":true}},"block_types":{"header":{"nesting_mode":"set","block":{"attributes":{"name":{"type":"string","description_kind":"plain","required":true},"values":{"type":["list","string"],"description_kind":"plain","required":true}},"description_kind":"plain"}}},"description_kind":"plain"},"max_items":1},"templates":{"nesting_mode":"set","block":{"attributes":{"delimiters":{"type":["list","string"],"description_kind":"plain","optional":true},"file_root":{"type":"string","description_kind":"plain","optional":true},"mime_types":{"type":["list","string"],"description_kind":"plain","optional":true}},"description_kind":"plain"},"max_items":1}},"description_kind":"plain"}},"match":{"nesting_mode":"list","block":{"attributes":{"host":{"type":["list","string"],"description_kind":"plain","optional":true},"method":{"type":["list","string"],"description_kind":"plain","optional":true},"path":{"type":["list","string"],"description_kind":"plain","optional":true}},"block_types":{"header":{"nesting_mode":"set","block":{"attributes":{"name":{"type":"string","description_kind":"plain","required":true},"values":{"type":["list","string"],"description_kind":"plain","required":true}},"description_kind":"plain"}},"not":{"nesting_mode":"list","block":{"attributes":{"host":{"type":["list","string"],"description_kind":"plain","optional":true},"method":{"type":["list","string"],"description_kind":"plain","optional":true},"path":{"type":["list","string"],"description_kind":"plain","optional":true}},"block_types":{"header":{"nesting_mode":"set","block":{"attributes":{"name":{"type":"string","description_kind":"plain","required":true},"values":{"type":["list","string"],"description_kind":"plain","required":true}},"description_kind":"plain"}},"query":{"nesting_mode":"set","block":{"attributes":{"name":{"type":"string","description_kind":"plain","required":true},"values":{"type":["list","string"],"description_kind":"plain","required":true}},"description_kind":"plain"}}},"description_kind":"plain"}},"query":{"nesting_mode":"set","block":{"attributes":{"name":{"type":"string","description_kind":"plain","required":true},"values":{"type":["list","string"],"description_kind":"plain","required":true}},"description_kind":"plain"}}},"description_kind":"plain"}}},"description_kind":"plain"}}},"description_kind":"plain"},"max_items":1},"templates":{"nesting_mode":"set","block":{"attributes":{"delimiters":{"type":["list","string"],"description_kind":"plain","optional":true},"file_root":{"type":"string","description_kind":"plain","optional":true},"mime_types":{"type":["list","string"],"description_kind":"plain","optional":true}},"description_kind":"plain"},"max_items":1}},"description_kind":"plain"}},"match":{"nesting_mode":"list","block":{"attributes":{"host":{"type":["list","string"],"description_kind":"plain","optional":true},"method":{"type":["list","string"],"description_kind":"plain","optional":true},"path":{"type":["list","string"],"description_kind":"plain","optional":true}},"block_types":{"header":{"nesting_mode":"set","block":{"attributes":{"name":{"type":"string","description_kind":"plain","required":true},"values":{"type":["list","string"],"description_kind":"plain","required":true}},"description_kind":"plain"}},"not":{"nesting_mode":"list","block":{"attributes":{"host":{"type":["list","string"],"description_kind":"plain","optional":true},"method":{"type":["list","string"],"description_kind":"plain","optional":true},"path":{"type":["list","string"],"description_kind":"plain","optional":true}},"block_types":{"header":{"nesting_mode":"set","block":{"attributes":{"name":{"type":"string","description_kind":"plain","required":true},"values":{"type":["list","string"],"description_kind":"plain","required":true}},"description_kind":"plain"}},"query":{"nesting_mode":"set","block":{"attributes":{"name":{"type":"string","description_kind":"plain","required":true},"values":{"type":["list","string"],"description_kind":"plain","required":true}},"description_kind":"plain"}}},"description_kind":"plain"}},"query":{"nesting_mode":"set","block":{"attributes":{"name":{"type":"string","description_kind":"plain","required":true},"values":{"type":["list","string"],"description_kind":"plain","required":true}},"description_kind":"plain"}}},"description_kind":"plain"}}},"description_kind":"plain"}}},"description_kind":"plain"},"max_items":1},"templates":{"nesting_mode":"set","block":{"attributes":{"delimiters":{"type":["list","string"],"description_kind":"plain","optional":true},"file_root":{"type":"string","description_kind":"plain","optional":true},"mime_types":{"type":["list","string"],"description_kind":"plain","optional":true}},"description_kind":"plain"},"max_items":1}},"description_kind":"plain"}},"match":{"nesting_mode":"list","block":{"attributes":{"host":{"type":["list","string"],"description_kind":"plain","optional":true},"method":{"type":["list","string"],"description_kind":"plain","optional":true},"path":{"type":["list","string"],"description_kind":"plain","optional":true}},"block_types":{"header":{"nesting_mode":"set","block":{"attributes":{"name":{"type":"string","description_kind":"plain","required":true},"values":{"type":["list","string"],"description_kind":"plain","required":true}},"description_kind":"plain"}},"not":{"nesting_mode":"list","block":{"attributes":{"host":{"type":["list","string"],"description_kind":"plain","optional":true},"method":{"type":["list","string"],"description_kind":"plain","optional":true},"path":{"type":["list","string"],"description_kind":"plain","optional":true}},"block_types":{"header":{"nesting_mode":"set","block":{"attributes":{"name":{"type":"string","description_kind":"plain","required":true},"values":{"type":["list","string"],"description_kind":"plain","required":true}},"description_kind":"plain"}},"query":{"nesting_mode":"set","block":{"attributes":{"name":{"type":"string","description_kind":"plain","required":true},"values":{"type":["list","string"],"description_kind":"plain","required":true}},"description_kind":"plain"}}},"description_kind":"plain"}},"query":{"nesting_mode":"set","block":{"attributes":{"name":{"type":"string","description_kind":"plain","required":true},"values":{"type":["list","string"],"description_kind":"plain","required":true}},"description_kind":"plain"}}},"description_kind":"plain"}}},"description_kind":"plain"}},"route":{"nesting_mode":"list","block":{"attributes":{"group":{"type":"string","description_kind":"plain","optional":true},"terminal":{"type":"bool","description_kind":"plain","optional":true}},"block_types":{"handle":{"nesting_mode":"list","block":{"block_types":{"file_server":{"nesting_mode":"set","block":{"attributes":{"canonical_uris":{"type":"bool","description_kind":"plain","optional":true},"hide":{"type":["list","string"],"description_kind":"plain","optional":true},"index_names":{"type":["list","string"],"description_kind":"plain","optional":true},"pass_thru":{"type":"bool","description_kind":"plain","optional":true},"root":{"type":"string","description_kind":"plain","optional":true}},"description_kind":"plain"},"max_items":1},"request_body":{"nesting_mode":"set","block":{"attributes":{"max_size":{"type":"number","description_kind":"plain","required":true}},"description_kind":"plain"},"max_items":1},"reverse_proxy":{"nesting_mode":"set","block":{"block_types":{"upstream":{"nesting_mode":"list","block":{"attributes":{"dial":{"type":"string","description_kind":"plain","optional":true}},"description_kind":"plain"},"min_items":1}},"description_kind":"plain"},"max_items":1},"static_response":{"nesting_mode":"set","block":{"attributes":{"body":{"type":"string","description_kind":"plain","optional":true},"close":{"type":"bool","description_kind":"plain","optional":true},"status_code":{"type":"string","description_kind":"plain","optional":true}},"block_types":{"header":{"nesting_mode":"set","block":{"attributes":{"name":{"type":"string","description_kind":"plain","required":true},"values":{"type":["list","string"],"description_kind":"plain","required":true}},"description_kind":"plain"}}},"description_kind":"plain"},"max_items":1},"subroute":{"nesting_mode":"set","block":{"block_types":{"error":{"nesting_mode":"list","block":{"attributes":{"group":{"type":"string","description_kind":"plain","optional":true},"terminal":{"type":"bool","description_kind":"plain","optional":true}},"block_types":{"handle":{"nesting_mode":"list","block":{"block_types":{"file_server":{"nesting_mode":"set","block":{"attributes":{"canonical_uris":{"type":"bool","description_kind":"plain","optional":true},"hide":{"type":["list","string"],"description_kind":"plain","optional":true},"index_names":{"type":["list","string"],"description_kind":"plain","optional":true},"pass_thru":{"type":"bool","description_kind":"plain","optional":true},"root":{"type":"string","description_kind":"plain","optional":true}},"description_kind":"plain"},"max_items":1},"request_body":{"nesting_mode":"set","block":{"attributes":{"max_size":{"type":"number","description_kind":"plain","required":true}},"description_kind":"plain"},"max_items":1},"reverse_proxy":{"nesting_mode":"set","block":{"block_types":{"upstream":{"nesting_mode":"list","block":{"attributes":{"dial":{"type":"string","description_kind":"plain","optional":true}},"description_kind":"plain"},"min_items":1}},"description_kind":"plain"},"max_items":1},"static_response":{"nesting_mode":"set","block":{"attributes":{"body":{"type":"string","description_kind":"plain","optional":true},"close":{"type":"bool","description_kind":"plain","optional":true},"status_code":{"type":"string","description_kind":"plain","optional":true}},"block_types":{"header":{"nesting_mode":"set","block":{"attributes":{"name":{"type":"string","description_kind":"plain","required":true},"values":{"type":["list","string"],"description_kind":"plain","required":true}},"description_kind":"plain"}}},"description_kind":"plain"},"max_items":1},"subroute":{"nesting_mode":"set","block":{"block_types":{"error":{"nesting_mode":"list","block":{"attributes":{"group":{"type":"string","description_kind":"plain","optional":true},"terminal":{"type":"bool","description_kind":"plain","optional":true}},"block_types":{"handle":{"nesting_mode":"list","block":{"block_types":{"file_server":{"nesting_mode":"set","block":{"attributes":{"canonical_uris":{"type":"bool","description_kind":"plain","optional":true},"hide":{"type":["list","string"],"description_kind":"plain","optional":true},"index_names":{"type":["list","string"],"description_kind":"plain","optional":true},"pass_thru":{"type":"bool","description_kind":"plain","optional":true},"root":{"type":"string","description_kind":"plain","optional":true}},"description_kind":"plain"},"max_items":1},"request_body":{"nesting_mode":"set","block":{"attributes":{"max_size":{"type":"number","description_kind":"plain","required":true}},"description_kind":"plain"},"max_items":1},"reverse_proxy":{"nesting_mode":"set","block":{"block_types":{"upstream":{"nesting_mode":"list","block":{"attributes":{"dial":{"type":"string","description_kind":"plain","optional":true}},"description_kind":"plain"},"min_items":1}},"description_kind":"plain"},"max_items":1},"static_response":{"nesting_mode":"set","block":{"attributes":{"body":{"type":"string","description_kind":"plain","optional":true},"close":{"type":"bool","description_kind":"plain","optional":true},"status_code":{"type":"string","description_kind":"plain","optional":true}},"block_types":{"header":{"nesting_mode":"set","block":{"attributes":{"name":{"type":"string","description_kind":"plain","required":true},"values":{"type":["list","string"],"description_kind":"plain","required":true}},"description_kind":"plain"}}},"description_kind":"plain"},"max_items":1},"templates":{"nesting_mode":"set","block":{"attributes":{"delimiters":{"type":["list","string"],"description_kind":"plain","optional":true},"file_root":{"type":"string","description_kind":"plain","optional":true},"mime_types":{"type":["list","string"],"description_kind":"plain","optional":true}},"description_kind":"plain"},"max_items":1}},"description_kind":"plain"}},"match":{"nesting_mode":"list","block":{"attributes":{"host":{"type":["list","string"],"description_kind":"plain","optional":true},"method":{"type":["list","string"],"description_kind":"plain","optional":true},"path":{"type":["list","string"],"description_kind":"plain","optional":true}},"block_types":{"header":{"nesting_mode":"set","block":{"attributes":{"name":{"type":"string","description_kind":"plain","required":true},"values":{"type":["list","string"],"description_kind":"plain","required":true}},"description_kind":"plain"}},"not":{"nesting_mode":"list","block":{"attributes":{"host":{"type":["list","string"],"description_kind":"plain","optional":true},"method":{"type":["list","string"],"description_kind":"plain","optional":true},"path":{"type":["list","string"],"description_kind":"plain","optional":true}},"block_types":{"header":{"nesting_mode":"set","block":{"attributes":{"name":{"type":"string","description_kind":"plain","required":true},"values":{"type":["list","string"],"description_kind":"plain","required":true}},"description_kind":"plain"}},"query":{"nesting_mode":"set","block":{"attributes":{"name":{"type":"string","description_kind":"plain","required":true},"values":{"type":["list","string"],"description_kind":"plain","required":true}},"description_kind":"plain"}}},"description_kind":"plain"}},"query":{"nesting_mode":"set","block":{"attributes":{"name":{"type":"string","description_kind":"plain","required":true},"values":{"type":["list","string"],"description_kind":"plain","required":true}},"description_kind":"plain"}}},"description_kind":"plain"}}},"description_kind":"plain"}},"route":{"nesting_mode":"list","block":{"attributes":{"group":{"type":"string","description_kind":"plain","optional":true},"terminal":{"type":"bool","description_kind":"plain","optional":true}},"block_types":{"handle":{"nesting_mode":"list","block":{"block_types":{"file_server":{"nesting_mode":"set","block":{"attributes":{"canonical_uris":{"type":"bool","description_kind":"plain","optional":true},"hide":{"type":["list","string"],"description_kind":"plain","optional":true},"index_names":{"type":["list","string"],"description_kind":"plain","optional":true},"pass_thru":{"type":"bool","description_kind":"plain","optional":true},"root":{"type":"string","description_kind":"plain","optional":true}},"description_kind":"plain"},"max_items":1},"request_body":{"nesting_mode":"set","block":{"attributes":{"max_size":{"type":"number","description_kind":"plain","required":true}},"description_kind":"plain"},"max_items":1},"reverse_proxy":{"nesting_mode":"set","block":{"block_types":{"upstream":{"nesting_mode":"list","block":{"attributes":{"dial":{"type":"string","description_kind":"plain","optional":true}},"description_kind":"plain"},"min_items":1}},"description_kind":"plain"},"max_items":1},"static_response":{"nesting_mode":"set","block":{"attributes":{"body":{"type":"string","description_kind":"plain","optional":true},"close":{"type":"bool","description_kind":"plain","optional":true},"status_code":{"type":"string","description_kind":"plain","optional":true}},"block_types":{"header":{"nesting_mode":"set","block":{"attributes":{"name":{"type":"string","description_kind":"plain","required":true},"values":{"type":["list","string"],"description_kind":"plain","required":true}},"description_kind":"plain"}}},"description_kind":"plain"},"max_items":1},"templates":{"nesting_mode":"set","block":{"attributes":{"delimiters":{"type":["list","string"],"description_kind":"plain","optional":true},"file_root":{"type":"string","description_kind":"plain","optional":true},"mime_types":{"type":["list","string"],"description_kind":"plain","optional":true}},"description_kind":"plain"},"max_items":1}},"description_kind":"plain"}},"match":{"nesting_mode":"list","block":{"attributes":{"host":{"type":["list","string"],"description_kind":"plain","optional":true},"method":{"type":["list","string"],"description_kind":"plain","optional":true},"path":{"type":["list","string"],"description_kind":"plain","optional":true}},"block_types":{"header":{"nesting_mode":"set","block":{"attributes":{"name":{"type":"string","description_kind":"plain","required":true},"values":{"type":["list","string"],"description_kind":"plain","required":true}},"description_kind":"plain"}},"not":{"nesting_mode":"list","block":{"attributes":{"host":{"type":["list","string"],"description_kind":"plain","optional":true},"method":{"type":["list","string"],"description_kind":"plain","optional":true},"path":{"type":["list","string"],"description_kind":"plain","optional":true}},"block_types":{"header":{"nesting_mode":"set","block":{"attributes":{"name":{"type":"string","description_kind":"plain","required":true},"values":{"type":["list","string"],"description_kind":"plain","required":true}},"description_kind":"plain"}},"query":{"nesting_mode":"set","block":{"attributes":{"name":{"type":"string","description_kind":"plain","required":true},"values":{"type":["list","string"],"description_kind":"plain","required":true}},"description_kind":"plain"}}},"description_kind":"plain"}},"query":{"nesting_mode":"set","block":{"attributes":{"name":{"type":"string","description_kind":"plain","required":true},"values":{"type":["list","string"],"description_kind":"plain","required":true}},"description_kind":"plain"}}},"description_kind":"plain"}}},"description_kind":"plain"}}},"description_kind":"plain"},"max_items":1},"templates":{"nesting_mode":"set","block":{"attributes":{"delimiters":{"type":["list","string"],"description_kind":"plain","optional":true},"file_root":{"type":"string","description_kind":"plain","optional":true},"mime_types":{"type":["list","string"],"description_kind":"plain","optional":true}},"description_kind":"plain"},"max_items":1}},"description_kind":"plain"}},"match":{"nesting_mode":"list","block":{"attributes":{"host":{"type":["list","string"],"description_kind":"plain","optional":true},"method":{"type":["list","string"],"description_kind":"plain","optional":true},"path":{"type":["list","string"],"description_kind":"plain","optional":true}},"block_types":{"header":{"nesting_mode":"set","block":{"attributes":{"name":{"type":"string","description_kind":"plain","required":true},"values":{"type":["list","string"],"description_kind":"plain","required":true}},"description_kind":"plain"}},"not":{"nesting_mode":"list","block":{"attributes":{"host":{"type":["list","string"],"description_kind":"plain","optional":true},"method":{"type":["list","string"],"description_kind":"plain","optional":true},"path":{"type":["list","string"],"description_kind":"plain","optional":true}},"block_types":{"header":{"nesting_mode":"set","block":{"attributes":{"name":{"type":"string","description_kind":"plain","required":true},"values":{"type":["list","string"],"description_kind":"plain","required":true}},"description_kind":"plain"}},"query":{"nesting_mode":"set","block":{"attributes":{"name":{"type":"string","description_kind":"plain","required":true},"values":{"type":["list","string"],"description_kind":"plain","required":true}},"description_kind":"plain"}}},"description_kind":"plain"}},"query":{"nesting_mode":"set","block":{"attributes":{"name":{"type":"string","description_kind":"plain","required":true},"values":{"type":["list","string"],"description_kind":"plain","required":true}},"description_kind":"plain"}}},"description_kind":"plain"}}},"description_kind":"plain"}},"route":{"nesting_mode":"list","block":{"attributes":{"group":{"type":"string","description_kind":"plain","optional":true},"terminal":{"type":"bool","description_kind":"plain","optional":true}},"block_types":{"handle":{"nesting_mode":"list","block":{"block_types":{"file_server":{"nesting_mode":"set","block":{"attributes":{"canonical_uris":{"type":"bool","description_kind":"plain","optional":true},"hide":{"type":["list","string"],"description_kind":"plain","optional":true},"index_names":{"type":["list","string"],"description_kind":"plain","optional":true},"pass_thru":{"type":"bool","description_kind":"plain","optional":true},"root":{"type":"string","description_kind":"plain","optional":true}},"description_kind":"plain"},"max_items":1},"request_body":{"nesting_mode":"set","block":{"attributes":{"max_size":{"type":"number","description_kind":"plain","required":true}},"description_kind":"plain"},"max_items":1},"reverse_proxy":{"nesting_mode":"set","block":{"block_types":{"upstream":{"nesting_mode":"list","block":{"attributes":{"dial":{"type":"string","description_kind":"plain","optional":true}},"description_kind":"plain"},"min_items":1}},"description_kind":"plain"},"max_items":1},"static_response":{"nesting_mode":"set","block":{"attributes":{"body":{"type":"string","description_kind":"plain","optional":true},"close":{"type":"bool","description_kind":"plain","optional":true},"status_code":{"type":"string","description_kind":"plain","optional":true}},"block_types":{"header":{"nesting_mode":"set","block":{"attributes":{"name":{"type":"string","description_kind":"plain","required":true},"values":{"type":["list","string"],"description_kind":"plain","required":true}},"description_kind":"plain"}}},"description_kind":"plain"},"max_items":1},"subroute":{"nesting_mode":"set","block":{"block_types":{"error":{"nesting_mode":"list","block":{"attributes":{"group":{"type":"string","description_kind":"plain","optional":true},"terminal":{"type":"bool","description_kind":"plain","optional":true}},"block_types":{"handle":{"nesting_mode":"list","block":{"block_types":{"file_server":{"nesting_mode":"set","block":{"attributes":{"canonical_uris":{"type":"bool","description_kind":"plain","optional":true},"hide":{"type":["list","string"],"description_kind":"plain","optional":true},"index_names":{"type":["list","string"],"description_kind":"plain","optional":true},"pass_thru":{"type":"bool","description_kind":"plain","optional":true},"root":{"type":"string","description_kind":"plain","optional":true}},"description_kind":"plain"},"max_items":1},"request_body":{"nesting_mode":"set","block":{"attributes":{"max_size":{"type":"number","description_kind":"plain","required":true}},"description_kind":"plain"},"max_items":1},"reverse_proxy":{"nesting_mode":"set","block":{"block_types":{"upstream":{"nesting_mode":"list","block":{"attributes":{"dial":{"type":"string","description_kind":"plain","optional":true}},"description_kind":"plain"},"min_items":1}},"description_kind":"plain"},"max_items":1},"static_response":{"nesting_mode":"set","block":{"attributes":{"body":{"type":"string","description_kind":"plain","optional":true},"close":{"type":"bool","description_kind":"plain","optional":true},"status_code":{"type":"string","description_kind":"plain","optional":true}},"block_types":{"header":{"nesting_mode":"set","block":{"attributes":{"name":{"type":"string","description_kind":"plain","required":true},"values":{"type":["list","string"],"description_kind":"plain","required":true}},"description_kind":"plain"}}},"description_kind":"plain"},"max_items":1},"templates":{"nesting_mode":"set","block":{"attributes":{"delimiters":{"type":["list","string"],"description_kind":"plain","optional":true},"file_root":{"type":"string","description_kind":"plain","optional":true},"mime_types":{"type":["list","string"],"description_kind":"plain","optional":true}},"description_kind":"plain"},"max_items":1}},"description_kind":"plain"}},"match":{"nesting_mode":"list","block":{"attributes":{"host":{"type":["list","string"],"description_kind":"plain","optional":true},"method":{"type":["list","string"],"description_kind":"plain","optional":true},"path":{"type":["list","string"],"description_kind":"plain","optional":true}},"block_types":{"header":{"nesting_mode":"set","block":{"attributes":{"name":{"type":"string","description_kind":"plain","required":true},"values":{"type":["list","string"],"description_kind":"plain","required":true}},"description_kind":"plain"}},"not":{"nesting_mode":"list","block":{"attributes":{"host":{"type":["list","string"],"description_kind":"plain","optional":true},"method":{"type":["list","string"],"description_kind":"plain","optional":true},"path":{"type":["list","string"],"description_kind":"plain","optional":true}},"block_types":{"header":{"nesting_mode":"set","block":{"attributes":{"name":{"type":"string","description_kind":"plain","required":true},"values":{"type":["list","string"],"description_kind":"plain","required":true}},"description_kind":"plain"}},"query":{"nesting_mode":"set","block":{"attributes":{"name":{"type":"string","description_kind":"plain","required":true},"values":{"type":["list","string"],"description_kind":"plain","required":true}},"description_kind":"plain"}}},"description_kind":"plain"}},"query":{"nesting_mode":"set","block":{"attributes":{"name":{"type":"string","description_kind":"plain","required":true},"values":{"type":["list","string"],"description_kind":"plain","required":true}},"description_kind":"plain"}}},"description_kind":"plain"}}},"description_kind":"plain"}},"route":{"nesting_mode":"list","block":{"attributes":{"group":{"type":"string","description_kind":"plain","optional":true},"terminal":{"type":"bool","description_kind":"plain","optional":true}},"block_types":{"handle":{"nesting_mode":"list","block":{"block_types":{"file_server":{"nesting_mode":"set","block":{"attributes":{"canonical_uris":{"type":"bool","description_kind":"plain","optional":true},"hide":{"type":["list","string"],"description_kind":"plain","optional":true},"index_names":{"type":["list","string"],"description_kind":"plain","optional":true},"pass_thru":{"type":"bool","description_kind":"plain","optional":true},"root":{"type":"string","description_kind":"plain","optional":true}},"description_kind":"plain"},"max_items":1},"request_body":{"nesting_mode":"set","block":{"attributes":{"max_size":{"type":"number","description_kind":"plain","required":true}},"description_kind":"plain"},"max_items":1},"reverse_proxy":{"nesting_mode":"set","block":{"block_types":{"upstream":{"nesting_mode":"list","block":{"attributes":{"dial":{"type":"string","description_kind":"plain","optional":true}},"description_kind":"plain"},"min_items":1}},"description_kind":"plain"},"max_items":1},"static_response":{"nesting_mode":"set","block":{"attributes":{"body":{"type":"string","description_kind":"plain","optional":true},"close":{"type":"bool","description_kind":"plain","optional":true},"status_code":{"type":"string","description_kind":"plain","optional":true}},"block_types":{"header":{"nesting_mode":"set","block":{"attributes":{"name":{"type":"string","description_kind":"plain","required":true},"values":{"type":["list","string"],"description_kind":"plain","required":true}},"description_kind":"plain"}}},"description_kind":"plain"},"max_items":1},"templates":{"nesting_mode":"set","block":{"attributes":{"delimiters":{"type":["list","string"],"description_kind":"plain","optional":true},"file_root":{"type":"string","description_kind":"plain","optional":true},"mime_types":{"type":["list","string"],"description_kind":"plain","optional":true}},"description_kind":"plain"},"max_items":1}},"description_kind":"plain"}},"match":{"nesting_mode":"list","block":{"attributes":{"host":{"type":["list","string"],"description_kind":"plain","optional":true},"method":{"type":["list","string"],"description_kind":"plain","optional":true},"path":{"type":["list","string"],"description_kind":"plain","optional":true}},"block_types":{"header":{"nesting_mode":"set","block":{"attributes":{"name":{"type":"string","description_kind":"plain","required":true},"values":{"type":["list","string"],"description_kind":"plain","required":true}},"description_kind":"plain"}},"not":{"nesting_mode":"list","block":{"attributes":{"host":{"type":["list","string"],"description_kind":"plain","optional":true},"method":{"type":["list","string"],"description_kind":"plain","optional":true},"path":{"type":["list","string"],"description_kind":"plain","optional":true}},"block_types":{"header":{"nesting_mode":"set","block":{"attributes":{"name":{"type":"string","description_kind":"plain","required":true},"values":{"type":["list","string"],"description_kind":"plain","required":true}},"description_kind":"plain"}},"query":{"nesting_mode":"set","block":{"attributes":{"name":{"type":"string","description_kind":"plain","required":true},"values":{"type":["list","string"],"description_kind":"plain","required":true}},"description_kind":"plain"}}},"description_kind":"plain"}},"query":{"nesting_mode":"set","block":{"attributes":{"name":{"type":"string","description_kind":"plain","required":true},"values":{"type":["list","string"],"description_kind":"plain","required":true}},"description_kind":"plain"}}},"description_kind":"plain"}}},"description_kind":"plain"}}},"description_kind":"plain"},"max_items":1},"templates":{"nesting_mode":"set","block":{"attributes":{"delimiters":{"type":["list","string"],"description_kind":"plain","optional":true},"file_root":{"type":"string","description_kind":"plain","optional":true},"mime_types":{"type":["list","string"],"description_kind":"plain","optional":true}},"description_kind":"plain"},"max_items":1}},"description_kind":"plain"}},"match":{"nesting_mode":"list","block":{"attributes":{"host":{"type":["list","string"],"description_kind":"plain","optional":true},"method":{"type":["list","string"],"description_kind":"plain","optional":true},"path":{"type":["list","string"],"description_kind":"plain","optional":true}},"block_types":{"header":{"nesting_mode":"set","block":{"attributes":{"name":{"type":"string","description_kind":"plain","required":true},"values":{"type":["list","string"],"description_kind":"plain","required":true}},"description_kind":"plain"}},"not":{"nesting_mode":"list","block":{"attributes":{"host":{"type":["list","string"],"description_kind":"plain","optional":true},"method":{"type":["list","string"],"description_kind":"plain","optional":true},"path":{"type":["list","string"],"description_kind":"plain","optional":true}},"block_types":{"header":{"nesting_mode":"set","block":{"attributes":{"name":{"type":"string","description_kind":"plain","required":true},"values":{"type":["list","string"],"description_kind":"plain","required":true}},"description_kind":"plain"}},"query":{"nesting_mode":"set","block":{"attributes":{"name":{"type":"string","description_kind":"plain","required":true},"values":{"type":["list","string"],"description_kind":"plain","required":true}},"description_kind":"plain"}}},"description_kind":"plain"}},"query":{"nesting_mode":"set","block":{"attributes":{"name":{"type":"string","description_kind":"plain","required":true},"values":{"type":["list","string"],"description_kind":"plain","required":true}},"description_kind":"plain"}}},"description_kind":"plain"}}},"description_kind":"plain"}}},"description_kind":"plain"},"max_items":1},"templates":{"nesting_mode":"set","block":{"attributes":{"delimiters":{"type":["list","string"],"description_kind":"plain","optional":true},"file_root":{"type":"string","description_kind":"plain","optional":true},"mime_types":{"type":["list","string"],"description_kind":"plain","optional":true}},"description_kind":"plain"},"max_items":1}},"description_kind":"plain"}},"match":{"nesting_mode":"list","block":{"attributes":{"host":{"type":["list","string"],"description_kind":"plain","optional":true},"method":{"type":["list","string"],"description_kind":"plain","optional":true},"path":{"type":["list","string"],"description_kind":"plain","optional":true}},"block_types":{"header":{"nesting_mode":"set","block":{"attributes":{"name":{"type":"string","description_kind":"plain","required":true},"values":{"type":["list","string"],"description_kind":"plain","required":true}},"description_kind":"plain"}},"not":{"nesting_mode":"list","block":{"attributes":{"host":{"type":["list","string"],"description_kind":"plain","optional":true},"method":{"type":["list","string"],"description_kind":"plain","optional":true},"path":{"type":["list","string"],"description_kind":"plain","optional":true}},"block_types":{"header":{"nesting_mode":"set","block":{"attributes":{"name":{"type":"string","description_kind":"plain","required":true},"values":{"type":["list","string"],"description_kind":"plain","required":true}},"description_kind":"plain"}},"query":{"nesting_mode":"set","block":{"attributes":{"name":{"type":"string","description_kind":"plain","required":true},"values":{"type":["list","string"],"description_kind":"plain","required":true}},"description_kind":"plain"}}},"description_kind":"plain"}},"query":{"nesting_mode":"set","block":{"attributes":{"name":{"type":"string","description_kind":"plain","required":true},"values":{"type":["list","string"],"description_kind":"plain","required":true}},"description_kind":"plain"}}},"description_kind":"plain"}}},"description_kind":"plain"}}},"description_kind":"plain"},"max_items":1},"templates":{"nesting_mode":"set","block":{"attributes":{"delimiters":{"type":["list","string"],"description_kind":"plain","optional":true},"file_root":{"type":"string","description_kind":"plain","optional":true},"mime_types":{"type":["list","string"],"description_kind":"plain","optional":true}},"description_kind":"plain"},"max_items":1}},"description_kind":"plain"}},"match":{"nesting_mode":"list","block":{"attributes":{"host":{"type":["list","string"],"description_kind":"plain","optional":true},"method":{"type":["list","string"],"description_kind":"plain","optional":true},"path":{"type":["list","string"],"description_kind":"plain","optional":true}},"block_types":{"header":{"nesting_mode":"set","block":{"attributes":{"name":{"type":"string","description_kind":"plain","required":true},"values":{"type":["list","string"],"description_kind":"plain","required":true}},"description_kind":"plain"}},"not":{"nesting_mode":"list","block":{"attributes":{"host":{"type":["list","string"],"description_kind":"plain","optional":true},"method":{"type":["list","string"],"description_kind":"plain","optional":true},"path":{"type":["list","string"],"description_kind":"plain","optional":true}},"block_types":{"header":{"nesting_mode":"set","block":{"attributes":{"name":{"type":"string","description_kind":"plain","required":true},"values":{"type":["list","string"],"description_kind":"plain","required":true}},"description_kind":"plain"}},"query":{"nesting_mode":"set","block":{"attributes":{"name":{"type":"string","description_kind":"plain","required":true},"values":{"type":["list","string"],"description_kind":"plain","required":true}},"description_kind":"plain"}}},"description_kind":"plain"}},"query":{"nesting_mode":"set","block":{"attributes":{"name":{"type":"string","description_kind":"plain","required":true},"values":{"type":["list","string"],"description_kind":"plain","required":true}},"description_kind":"plain"}}},"description_kind":"plain"}}},"description_kind":"plain"}},"route":{"nesting_mode":"list","block":{"attributes":{"group":{"type":"string","description_kind":"plain","optional":true},"terminal":{"type":"bool","description_kind":"plain","optional":true}},"block_types":{"handle":{"nesting_mode":"list","block":{"block_types":{"file_server":{"nesting_mode":"set","block":{"attributes":{"canonical_uris":{"type":"bool","description_kind":"plain","optional":true},"hide":{"type":["list","string"],"description_kind":"plain","optional":true},"index_names":{"type":["list","string"],"description_kind":"plain","optional":true},"pass_thru":{"type":"bool","description_kind":"plain","optional":true},"root":{"type":"string","description_kind":"plain","optional":true}},"description_kind":"plain"},"max_items":1},"request_body":{"nesting_mode":"set","block":{"attributes":{"max_size":{"type":"number","description_kind":"plain","required":true}},"description_kind":"plain"},"max_items":1},"reverse_proxy":{"nesting_mode":"set","block":{"block_types":{"upstream":{"nesting_mode":"list","block":{"attributes":{"dial":{"type":"string","description_kind":"plain","optional":true}},"description_kind":"plain"},"min_items":1}},"description_kind":"plain"},"max_items":1},"static_response":{"nesting_mode":"set","block":{"attributes":{"body":{"type":"string","description_kind":"plain","optional":true},"close":{"type":"bool","description_kind":"plain","optional":true},"status_code":{"type":"string","description_kind":"plain","optional":true}},"block_types":{"header":{"nesting_mode":"set","block":{"attributes":{"name":{"type":"string","description_kind":"plain","required":true},"values":{"type":["list","string"],"description_kind":"plain","required":true}},"description_kind":"plain"}}},"description_kind":"plain"},"max_items":1},"subroute":{"nesting_mode":"set","block":{"block_types":{"error":{"nesting_mode":"list","block":{"attributes":{"group":{"type":"string","description_kind":"plain","optional":true},"terminal":{"type":"bool","description_kind":"plain","optional":true}},"block_types":{"handle":{"nesting_mode":"list","block":{"block_types":{"file_server":{"nesting_mode":"set","block":{"attributes":{"canonical_uris":{"type":"bool","description_kind":"plain","optional":true},"hide":{"type":["list","string"],"description_kind":"plain","optional":true},"index_names":{"type":["list","string"],"description_kind":"plain","optional":true},"pass_thru":{"type":"bool","description_kind":"plain","optional":true},"root":{"type":"string","description_kind":"plain","optional":true}},"description_kind":"plain"},"max_items":1},"request_body":{"nesting_mode":"set","block":{"attributes":{"max_size":{"type":"number","description_kind":"plain","required":true}},"description_kind":"plain"},"max_items":1},"reverse_proxy":{"nesting_mode":"set","block":{"block_types":{"upstream":{"nesting_mode":"list","block":{"attributes":{"dial":{"type":"string","description_kind":"plain","optional":true}},"description_kind":"plain"},"min_items":1}},"description_kind":"plain"},"max_items":1},"static_response":{"nesting_mode":"set","block":{"attributes":{"body":{"type":"string","description_kind":"plain","optional":true},"close":{"type":"bool","description_kind":"plain","optional":true},"status_code":{"type":"string","description_kind":"plain","optional":true}},"block_types":{"header":{"nesting_mode":"set","block":{"attributes":{"name":{"type":"string","description_kind":"plain","required":true},"values":{"type":["list","string"],"description_kind":"plain","required":true}},"description_kind":"plain"}}},"description_kind":"plain"},"max_items":1},"subroute":{"nesting_mode":"set","block":{"block_types":{"error":{"nesting_mode":"list","block":{"attributes":{"group":{"type":"string","description_kind":"plain","optional":true},"terminal":{"type":"bool","description_kind":"plain","optional":true}},"block_types":{"handle":{"nesting_mode":"list","block":{"block_types":{"file_server":{"nesting_mode":"set","block":{"attributes":{"canonical_uris":{"type":"bool","description_kind":"plain","optional":true},"hide":{"type":["list","string"],"description_kind":"plain","optional":true},"index_names":{"type":["list","string"],"description_kind":"plain","optional":true},"pass_thru":{"type":"bool","description_kind":"plain","optional":true},"root":{"type":"string","description_kind":"plain","optional":true}},"description_kind":"plain"},"max_items":1},"request_body":{"nesting_mode":"set","block":{"attributes":{"max_size":{"type":"number","description_kind":"plain","required":true}},"description_kind":"plain"},"max_items":1},"reverse_proxy":{"nesting_mode":"set","block":{"block_types":{"upstream":{"nesting_mode":"list","block":{"attributes":{"dial":{"type":"string","description_kind":"plain","optional":true}},"description_kind":"plain"},"min_items":1}},"description_kind":"plain"},"max_items":1},"static_response":{"nesting_mode":"set","block":{"attributes":{"body":{"type":"string","description_kind":"plain","optional":true},"close":{"type":"bool","description_kind":"plain","optional":true},"status_code":{"type":"string","description_kind":"plain","optional":true}},"block_types":{"header":{"nesting_mode":"set","block":{"attributes":{"name":{"type":"string","description_kind":"plain","required":true},"values":{"type":["list","string"],"description_kind":"plain","required":true}},"description_kind":"plain"}}},"description_kind":"plain"},"max_items":1},"subroute":{"nesting_mode":"set","block":{"block_types":{"error":{"nesting_mode":"list","block":{"attributes":{"group":{"type":"string","description_kind":"plain","optional":true},"terminal":{"type":"bool","description_kind":"plain","optional":true}},"block_types":{"handle":{"nesting_mode":"list","block":{"block_types":{"file_server":{"nesting_mode":"set","block":{"attributes":{"canonical_uris":{"type":"bool","description_kind":"plain","optional":true},"hide":{"type":["list","string"],"description_kind":"plain","optional":true},"index_names":{"type":["list","string"],"description_kind":"plain","optional":true},"pass_thru":{"type":"bool","description_kind":"plain","optional":true},"root":{"type":"string","description_kind":"plain","optional":true}},"description_kind":"plain"},"max_items":1},"request_body":{"nesting_mode":"set","block":{"attributes":{"max_size":{"type":"number","description_kind":"plain","required":true}},"description_kind":"plain"},"max_items":1},"reverse_proxy":{"nesting_mode":"set","block":{"block_types":{"upstream":{"nesting_mode":"list","block":{"attributes":{"dial":{"type":"string","description_kind":"plain","optional":true}},"description_kind":"plain"},"min_items":1}},"description_kind":"plain"},"max_items":1},"static_response":{"nesting_mode":"set","block":{"attributes":{"body":{"type":"string","description_kind":"plain","optional":true},"close":{"type":"bool","description_kind":"plain","optional":true},"status_code":{"type":"string","description_kind":"plain","optional":true}},"block_types":{"header":{"nesting_mode":"set","block":{"attributes":{"name":{"type":"string","description_kind":"plain","required":true},"values":{"type":["list","string"],"description_kind":"plain","required":true}},"description_kind":"plain"}}},"description_kind":"plain"},"max_items":1},"templates":{"nesting_mode":"set","block":{"attributes":{"delimiters":{"type":["list","string"],"description_kind":"plain","optional":true},"file_root":{"type":"string","description_kind":"plain","optional":true},"mime_types":{"type":["list","string"],"description_kind":"plain","optional":true}},"description_kind":"plain"},"max_items":1}},"description_kind":"plain"}},"match":{"nesting_mode":"list","block":{"attributes":{"host":{"type":["list","string"],"description_kind":"plain","optional":true},"method":{"type":["list","string"],"description_kind":"plain","optional":true},"path":{"type":["list","string"],"description_kind":"plain","optional":true}},"block_types":{"header":{"nesting_mode":"set","block":{"attributes":{"name":{"type":"string","description_kind":"plain","required":true},"values":{"type":["list","string"],"description_kind":"plain","required":true}},"description_kind":"plain"}},"not":{"nesting_mode":"list","block":{"attributes":{"host":{"type":["list","string"],"description_kind":"plain","optional":true},"method":{"type":["list","string"],"description_kind":"plain","optional":true},"path":{"type":["list","string"],"description_kind":"plain","optional":true}},"block_types":{"header":{"nesting_mode":"set","block":{"attributes":{"name":{"type":"string","description_kind":"plain","required":true},"values":{"type":["list","string"],"description_kind":"plain","required":true}},"description_kind":"plain"}},"query":{"nesting_mode":"set","block":{"attributes":{"name":{"type":"string","description_kind":"plain","required":true},"values":{"type":["list","string"],"description_kind":"plain","required":true}},"description_kind":"plain"}}},"description_kind":"plain"}},"query":{"nesting_mode":"set","block":{"attributes":{"name":{"type":"string","description_kind":"plain","required":true},"values":{"type":["list","string"],"description_kind":"plain","required":true}},"description_kind":"plain"}}},"description_kind":"plain"}}},"description_kind":"plain"}},"route":{"nesting_mode":"list","block":{"attributes":{"group":{"type":"string","description_kind":"plain","optional":true},"terminal":{"type":"bool","description_kind":"plain","optional":true}},"block_types":{"handle":{"nesting_mode":"list","block":{"block_types":{"file_server":{"nesting_mode":"set","block":{"attributes":{"canonical_uris":{"type":"bool","description_kind":"plain","optional":true},"hide":{"type":["list","string"],"description_kind":"plain","optional":true},"index_names":{"type":["list","string"],"description_kind":"plain","optional":true},"pass_thru":{"type":"bool","description_kind":"plain","optional":true},"root":{"type":"string","description_kind":"plain","optional":true}},"description_kind":"plain"},"max_items":1},"request_body":{"nesting_mode":"set","block":{"attributes":{"max_size":{"type":"number","description_kind":"plain","required":true}},"description_kind":"plain"},"max_items":1},"reverse_proxy":{"nesting_mode":"set","block":{"block_types":{"upstream":{"nesting_mode":"list","block":{"attributes":{"dial":{"type":"string","description_kind":"plain","optional":true}},"description_kind":"plain"},"min_items":1}},"description_kind":"plain"},"max_items":1},"static_response":{"nesting_mode":"set","block":{"attributes":{"body":{"type":"string","description_kind":"plain","optional":true},"close":{"type":"bool","description_kind":"plain","optional":true},"status_code":{"type":"string","description_kind":"plain","optional":true}},"block_types":{"header":{"nesting_mode":"set","block":{"attributes":{"name":{"type":"string","description_kind":"plain","required":true},"values":{"type":["list","string"],"description_kind":"plain","required":true}},"description_kind":"plain"}}},"description_kind":"plain"},"max_items":1},"templates":{"nesting_mode":"set","block":{"attributes":{"delimiters":{"type":["list","string"],"description_kind":"plain","optional":true},"file_root":{"type":"string","description_kind":"plain","optional":true},"mime_types":{"type":["list","string"],"description_kind":"plain","optional":true}},"description_kind":"plain"},"max_items":1}},"description_kind":"plain"}},"match":{"nesting_mode":"list","block":{"attributes":{"host":{"type":["list","string"],"description_kind":"plain","optional":true},"method":{"type":["list","string"],"description_kind":"plain","optional":true},"path":{"type":["list","string"],"description_kind":"plain","optional":true}},"block_types":{"header":{"nesting_mode":"set","block":{"attributes":{"name":{"type":"string","description_kind":"plain","required":true},"values":{"type":["list","string"],"description_kind":"plain","required":true}},"description_kind":"plain"}},"not":{"nesting_mode":"list","block":{"attributes":{"host":{"type":["list","string"],"description_kind":"plain","optional":true},"method":{"type":["list","string"],"description_kind":"plain","optional":true},"path":{"type":["list","string"],"description_kind":"plain","optional":true}},"block_types":{"header":{"nesting_mode":"set","block":{"attributes":{"name":{"type":"string","description_kind":"plain","required":true},"values":{"type":["list","string"],"description_kind":"plain","required":true}},"description_kind":"plain"}},"query":{"nesting_mode":"set","block":{"attributes":{"name":{"type":"string","description_kind":"plain","required":true},"values":{"type":["list","string"],"description_kind":"plain","required":true}},"description_kind":"plain"}}},"description_kind":"plain"}},"query":{"nesting_mode":"set","block":{"attributes":{"name":{"type":"string","description_kind":"plain","required":true},"values":{"type":["list","string"],"description_kind":"plain","required":true}},"description_kind":"plain"}}},"description_kind":"plain"}}},"description_kind":"plain"}}},"description_kind":"plain"},"max_items":1},"templates":{"nesting_mode":"set","block":{"attributes":{"delimiters":{"type":["list","string"],"description_kind":"plain","optional":true},"file_root":{"type":"string","description_kind":"plain","optional":true},"mime_types":{"type":["list","string"],"description_kind":"plain","optional":true}},"description_kind":"plain"},"max_items":1}},"description_kind":"plain"}},"match":{"nesting_mode":"list","block":{"attributes":{"host":{"type":["list","string"],"description_kind":"plain","optional":true},"method":{"type":["list","string"],"description_kind":"plain","optional":true},"path":{"type":["list","string"],"description_kind":"plain","optional":true}},"block_types":{"header":{"nesting_mode":"set","block":{"attributes":{"name":{"type":"string","description_kind":"plain","required":true},"values":{"type":["list","string"],"description_kind":"plain","required":true}},"description_kind":"plain"}},"not":{"nesting_mode":"list","block":{"attributes":{"host":{"type":["list","string"],"description_kind":"plain","optional":true},"method":{"type":["list","string"],"description_kind":"plain","optional":true},"path":{"type":["list","string"],"description_kind":"plain","optional":true}},"block_types":{"header":{"nesting_mode":"set","block":{"attributes":{"name":{"type":"string","description_kind":"plain","required":true},"values":{"type":["list","string"],"description_kind":"plain","required":true}},"description_kind":"plain"}},"query":{"nesting_mode":"set","block":{"attributes":{"name":{"type":"string","description_kind":"plain","required":true},"values":{"type":["list","string"],"description_kind":"plain","required":true}},"description_kind":"plain"}}},"description_kind":"plain"}},"query":{"nesting_mode":"set","block":{"attributes":{"name":{"type":"string","description_kind":"plain","required":true},"values":{"type":["list","string"],"description_kind":"plain","required":true}},"description_kind":"plain"}}},"description_kind":"plain"}}},"description_kind":"plain"}},"route":{"nesting_mode":"list","block":{"attributes":{"group":{"type":"string","description_kind":"plain","optional":true},"terminal":{"type":"bool","description_kind":"plain","optional":true}},"block_types":{"handle":{"nesting_mode":"list","block":{"block_types":{"file_server":{"nesting_mode":"set","block":{"attributes":{"canonical_uris":{"type":"bool","description_kind":"plain","optional":true},"hide":{"type":["list","string"],"description_kind":"plain","optional":true},"index_names":{"type":["list","string"],"description_kind":"plain","optional":true},"pass_thru":{"type":"bool","description_kind":"plain","optional":true},"root":{"type":"string","description_kind":"plain","optional":true}},"description_kind":"plain"},"max_items":1},"request_body":{"nesting_mode":"set","block":{"attributes":{"max_size":{"type":"number","description_kind":"plain","required":true}},"description_kind":"plain"},"max_items":1},"reverse_proxy":{"nesting_mode":"set","block":{"block_types":{"upstream":{"nesting_mode":"list","block":{"attributes":{"dial":{"type":"string","description_kind":"plain","optional":true}},"description_kind":"plain"},"min_items":1}},"description_kind":"plain"},"max_items":1},"static_response":{"nesting_mode":"set","block":{"attributes":{"body":{"type":"string","description_kind":"plain","optional":true},"close":{"type":"bool","description_kind":"plain","optional":true},"status_code":{"type":"string","description_kind":"plain","optional":true}},"block_types":{"header":{"nesting_mode":"set","block":{"attributes":{"name":{"type":"string","description_kind":"plain","required":true},"values":{"type":["list","string"],"description_kind":"plain","required":true}},"description_kind":"plain"}}},"description_kind":"plain"},"max_items":1},"subroute":{"nesting_mode":"set","block":{"block_types":{"error":{"nesting_mode":"list","block":{"attributes":{"group":{"type":"string","description_kind":"plain","optional":true},"terminal":{"type":"bool","description_kind":"plain","optional":true}},"block_types":{"handle":{"nesting_mode":"list","block":{"block_types":{"file_server":{"nesting_mode":"set","block":{"attributes":{"canonical_uris":{"type":"bool","description_kind":"plain","optional":true},"hide":{"type":["list","string"],"description_kind":"plain","optional":true},"index_names":{"type":["list","string"],"description_kind":"plain","optional":true},"pass_thru":{"type":"bool","description_kind":"plain","optional":true},"root":{"type":"string","description_kind":"plain","optional":true}},"description_kind":"plain"},"max_items":1},"request_body":{"nesting_mode":"set","block":{"attributes":{"max_size":{"type":"number","description_kind":"plain","required":true}},"description_kind":"plain"},"max_items":1},"reverse_proxy":{"nesting_mode":"set","block":{"block_types":{"upstream":{"nesting_mode":"list","block":{"attributes":{"dial":{"type":"string","description_kind":"plain","optional":true}},"description_kind":"plain"},"min_items":1}},"description_kind":"plain"},"max_items":1},"static_response":{"nesting_mode":"set","block":{"attributes":{"body":{"type":"string","description_kind":"plain","optional":true},"close":{"type":"bool","description_kind":"plain","optional":true},"status_code":{"type":"string","description_kind":"plain","optional":true}},"block_types":{"header":{"nesting_mode":"set","block":{"attributes":{"name":{"type":"string","description_kind":"plain","required":true},"values":{"type":["list","string"],"description_kind":"plain","required":true}},"description_kind":"plain"}}},"description_kind":"plain"},"max_items":1},"templates":{"nesting_mode":"set","block":{"attributes":{"delimiters":{"type":["list","string"],"description_kind":"plain","optional":true},"file_root":{"type":"string","description_kind":"plain","optional":true},"mime_types":{"type":["list","string"],"description_kind":"plain","optional":true}},"description_kind":"plain"},"max_items":1}},"description_kind":"plain"}},"match":{"nesting_mode":"list","block":{"attributes":{"host":{"type":["list","string"],"description_kind":"plain","optional":true},"method":{"type":["list","string"],"description_kind":"plain","optional":true},"path":{"type":["list","string"],"description_kind":"plain","optional":true}},"block_types":{"header":{"nesting_mode":"set","block":{"attributes":{"name":{"type":"string","description_kind":"plain","required":true},"values":{"type":["list","string"],"description_kind":"plain","required":true}},"description_kind":"plain"}},"not":{"nesting_mode":"list","block":{"attributes":{"host":{"type":["list","string"],"description_kind":"plain","optional":true},"method":{"type":["list","string"],"description_kind":"plain","optional":true},"path":{"type":["list","string"],"description_kind":"plain","optional":true}},"block_types":{"header":{"nesting_mode":"set","block":{"attributes":{"name":{"type":"string","description_kind":"plain","required":true},"values":{"type":["list","string"],"description_kind":"plain","required":true}},"description_kind":"plain"}},"query":{"nesting_mode":"set","block":{"attributes":{"name":{"type":"string","description_kind":"plain","required":true},"values":{"type":["list","string"],"description_kind":"plain","required":true}},"description_kind":"plain"}}},"description_kind":"plain"}},"query":{"nesting_mode":"set","block":{"attributes":{"name":{"type":"string","description_kind":"plain","required":true},"values":{"type":["list","string"],"description_kind":"plain","required":true}},"description_kind":"plain"}}},"description_kind":"plain"}}},"description_kind":"plain"}},"route":{"nesting_mode":"list","block":{"attributes":{"group":{"type":"string","description_kind":"plain","optional":true},"terminal":{"type":"bool","description_kind":"plain","optional":true}},"block_types":{"handle":{"nesting_mode":"list","block":{"block_types":{"file_server":{"nesting_mode":"set","block":{"attributes":{"canonical_uris":{"type":"bool","description_kind":"plain","optional":true},"hide":{"type":["list","string"],"description_kind":"plain","optional":true},"index_names":{"type":["list","string"],"description_kind":"plain","optional":true},"pass_thru":{"type":"bool","description_kind":"plain","optional":true},"root":{"type":"string","description_kind":"plain","optional":true}},"description_kind":"plain"},"max_items":1},"request_body":{"nesting_mode":"set","block":{"attributes":{"max_size":{"type":"number","description_kind":"plain","required":true}},"description_kind":"plain"},"max_items":1},"reverse_proxy":{"nesting_mode":"set","block":{"block_types":{"upstream":{"nesting_mode":"list","block":{"attributes":{"dial":{"type":"string","description_kind":"plain","optional":true}},"description_kind":"plain"},"min_items":1}},"description_kind":"plain"},"max_items":1},"static_response":{"nesting_mode":"set","block":{"attributes":{"body":{"type":"string","description_kind":"plain","optional":true},"close":{"type":"bool","description_kind":"plain","optional":true},"status_code":{"type":"string","description_kind":"plain","optional":true}},"block_types":{"header":{"nesting_mode":"set","block":{"attributes":{"name":{"type":"string","description_kind":"plain","required":true},"values":{"type":["list","string"],"description_kind":"plain","required":true}},"description_kind":"plain"}}},"description_kind":"plain"},"max_items":1},"templates":{"nesting_mode":"set","block":{"attributes":{"delimiters":{"type":["list","string"],"description_kind":"plain","optional":true},"file_root":{"type":"string","description_kind":"plain","optional":true},"mime_types":{"type":["list","string"],"description_kind":"plain","optional":true}},"description_kind":"plain"},"max_items":1}},"description_kind":"plain"}},"match":{"nesting_mode":"list","block":{"attributes":{"host":{"type":["list","string"],"description_kind":"plain","optional":true},"method":{"type":["list","string"],"description_kind":"plain","optional":true},"path":{"type":["list","string"],"description_kind":"plain","optional":true}},"block_types":{"header":{"nesting_mode":"set","block":{"attributes":{"name":{"type":"string","description_kind":"plain","required":true},"values":{"type":["list","string"],"description_kind":"plain","required":true}},"description_kind":"plain"}},"not":{"nesting_mode":"list","block":{"attributes":{"host":{"type":["list","string"],"description_kind":"plain","optional":true},"method":{"type":["list","string"],"description_kind":"plain","optional":true},"path":{"type":["list","string"],"description_kind":"plain","optional":true}},"block_types":{"header":{"nesting_mode":"set","block":{"attributes":{"name":{"type":"string","description_kind":"plain","required":true},"values":{"type":["list","string"],"description_kind":"plain","required":true}},"description_kind":"plain"}},"query":{"nesting_mode":"set","block":{"attributes":{"name":{"type":"string","description_kind":"plain","required":true},"values":{"type":["list","string"],"description_kind":"plain","required":true}},"description_kind":"plain"}}},"description_kind":"plain"}},"query":{"nesting_mode":"set","block":{"attributes":{"name":{"type":"string","description_kind":"plain","required":true},"values":{"type":["list","string"],"description_kind":"plain","required":true}},"description_kind":"plain"}}},"description_kind":"plain"}}},"description_kind":"plain"}}},"description_kind":"plain"},"max_items":1},"templates":{"nesting_mode":"set","block":{"attributes":{"delimiters":{"type":["list","string"],"description_kind":"plain","optional":true},"file_root":{"type":"string","description_kind":"plain","optional":true},"mime_types":{"type":["list","string"],"description_kind":"plain","optional":true}},"description_kind":"plain"},"max_items":1}},"description_kind":"plain"}},"match":{"nesting_mode":"list","block":{"attributes":{"host":{"type":["list","string"],"description_kind":"plain","optional":true},"method":{"type":["list","string"],"description_kind":"plain","optional":true},"path":{"type":["list","string"],"description_kind":"plain","optional":true}},"block_types":{"header":{"nesting_mode":"set","block":{"attributes":{"name":{"type":"string","description_kind":"plain","required":true},"values":{"type":["list","string"],"description_kind":"plain","required":true}},"description_kind":"plain"}},"not":{"nesting_mode":"list","block":{"attributes":{"host":{"type":["list","string"],"description_kind":"plain","optional":true},"method":{"type":["list","string"],"description_kind":"plain","optional":true},"path":{"type":["list","string"],"description_kind":"plain","optional":true}},"block_types":{"header":{"nesting_mode":"set","block":{"attributes":{"name":{"type":"string","description_kind":"plain","required":true},"values":{"type":["list","string"],"description_kind":"plain","required":true}},"description_kind":"plain"}},"query":{"nesting_mode":"set","block":{"attributes":{"name":{"type":"string","description_kind":"plain","required":true},"values":{"type":["list","string"],"description_kind":"plain","required":true}},"description_kind":"plain"}}},"description_kind":"plain"}},"query":{"nesting_mode":"set","block":{"attributes":{"name":{"type":"string","description_kind":"plain","required":true},"values":{"type":["list","string"],"description_kind":"plain","required":true}},"description_kind":"plain"}}},"description_kind":"plain"}}},"description_kind":"plain"}}},"description_kind":"plain"},"max_items":1},"templates":{"nesting_mode":"set","block":{"attributes":{"delimiters":{"type":["list","string"],"description_kind":"plain","optional":true},"file_root":{"type":"string","description_kind":"plain","optional":true},"mime_types":{"type":["list","string"],"description_kind":"plain","optional":true}},"description_kind":"plain"},"max_items":1}},"description_kind":"plain"}},"match":{"nesting_mode":"list","block":{"attributes":{"host":{"type":["list","string"],"description_kind":"plain","optional":true},"method":{"type":["list","string"],"description_kind":"plain","optional":true},"path":{"type":["list","string"],"description_kind":"plain","optional":true}},"block_types":{"header":{"nesting_mode":"set","block":{"attributes":{"name":{"type":"string","description_kind":"plain","required":true},"values":{"type":["list","string"],"description_kind":"plain","required":true}},"description_kind":"plain"}},"not":{"nesting_mode":"list","block":{"attributes":{"host":{"type":["list","string"],"description_kind":"plain","optional":true},"method":{"type":["list","string"],"description_kind":"plain","optional":true},"path":{"type":["list","string"],"description_kind":"plain","optional":true}},"block_types":{"header":{"nesting_mode":"set","block":{"attributes":{"name":{"type":"string","description_kind":"plain","required":true},"values":{"type":["list","string"],"description_kind":"plain","required":true}},"description_kind":"plain"}},"query":{"nesting_mode":"set","block":{"attributes":{"name":{"type":"string","description_kind":"plain","required":true},"values":{"type":["list","string"],"description_kind":"plain","required":true}},"description_kind":"plain"}}},"description_kind":"plain"}},"query":{"nesting_mode":"set","block":{"attributes":{"name":{"type":"string","description_kind":"plain","required":true},"values":{"type":["list","string"],"description_kind":"plain","required":true}},"description_kind":"plain"}}},"description_kind":"plain"}}},"description_kind":"plain"}},"route":{"nesting_mode":"list","block":{"attributes":{"group":{"type":"string","description_kind":"plain","optional":true},"terminal":{"type":"bool","description_kind":"plain","optional":true}},"block_types":{"handle":{"nesting_mode":"list","block":{"block_types":{"file_server":{"nesting_mode":"set","block":{"attributes":{"canonical_uris":{"type":"bool","description_kind":"plain","optional":true},"hide":{"type":["list","string"],"description_kind":"plain","optional":true},"index_names":{"type":["list","string"],"description_kind":"plain","optional":true},"pass_thru":{"type":"bool","description_kind":"plain","optional":true},"root":{"type":"string","description_kind":"plain","optional":true}},"description_kind":"plain"},"max_items":1},"request_body":{"nesting_mode":"set","block":{"attributes":{"max_size":{"type":"number","description_kind":"plain","required":true}},"description_kind":"plain"},"max_items":1},"reverse_proxy":{"nesting_mode":"set","block":{"block_types":{"upstream":{"nesting_mode":"list","block":{"attributes":{"dial":{"type":"string","description_kind":"plain","optional":true}},"description_kind":"plain"},"min_items":1}},"description_kind":"plain"},"max_items":1},"static_response":{"nesting_mode":"set","block":{"attributes":{"body":{"type":"string","description_kind":"plain","optional":true},"close":{"type":"bool","description_kind":"plain","optional":true},"status_code":{"type":"string","description_kind":"plain","optional":true}},"block_types":{"header":{"nesting_mode":"set","block":{"attributes":{"name":{"type":"string","description_kind":"plain","required":true},"values":{"type":["list","string"],"description_kind":"plain","required":true}},"description_kind":"plain"}}},"description_kind":"plain"},"max_items":1},"subroute":{"nesting_mode":"set","block":{"block_types":{"error":{"nesting_mode":"list","block":{"attributes":{"group":{"type":"string","description_kind":"plain","optional":true},"terminal":{"type":"bool","description_kind":"plain","optional":true}},"block_types":{"handle":{"nesting_mode":"list","block":{"block_types":{"file_server":{"nesting_mode":"set","block":{"attributes":{"canonical_uris":{"type":"bool","description_kind":"plain","optional":true},"hide":{"type":["list","string"],"description_kind":"plain","optional":true},"index_names":{"type":["list","string"],"description_kind":"plain","optional":true},"pass_thru":{"type":"bool","description_kind":"plain","optional":true},"root":{"type":"string","description_kind":"plain","optional":true}},"description_kind":"plain"},"max_items":1},"request_body":{"nesting_mode":"set","block":{"attributes":{"max_size":{"type":"number","description_kind":"plain","required":true}},"description_kind":"plain"},"max_items":1},"reverse_proxy":{"nesting_mode":"set","block":{"block_types":{"upstream":{"nesting_mode":"list","block":{"attributes":{"dial":{"type":"string","description_kind":"plain","optional":true}},"description_kind":"plain"},"min_items":1}},"description_kind":"plain"},"max_items":1},"static_response":{"nesting_mode":"set","block":{"attributes":{"body":{"type":"string","description_kind":"plain","optional":true},"close":{"type":"bool","description_kind":"plain","optional":true},"status_code":{"type":"string","description_kind":"plain","optional":true}},"block_types":{"header":{"nesting_mode":"set","block":{"attributes":{"name":{"type":"string","description_kind":"plain","required":true},"values":{"type":["list","string"],"description_kind":"plain","required":true}},"description_kind":"plain"}}},"description_kind":"plain"},"max_items":1},"subroute":{"nesting_mode":"set","block":{"block_types":{"error":{"nesting_mode":"list","block":{"attributes":{"group":{"type":"string","description_kind":"plain","optional":true},"terminal":{"type":"bool","description_kind":"plain","optional":true}},"block_types":{"handle":{"nesting_mode":"list","block":{"block_types":{"file_server":{"nesting_mode":"set","block":{"attributes":{"canonical_uris":{"type":"bool","description_kind":"plain","optional":true},"hide":{"type":["list","string"],"description_kind":"plain","optional":true},"index_names":{"type":["list","string"],"description_kind":"plain","optional":true},"pass_thru":{"type":"bool","description_kind":"plain","optional":true},"root":{"type":"string","description_kind":"plain","optional":true}},"description_kind":"plain"},"max_items":1},"request_body":{"nesting_mode":"set","block":{"attributes":{"max_size":{"type":"number","description_kind":"plain","required":true}},"description_kind":"plain"},"max_items":1},"reverse_proxy":{"nesting_mode":"set","block":{"block_types":{"upstream":{"nesting_mode":"list","block":{"attributes":{"dial":{"type":"string","description_kind":"plain","optional":true}},"description_kind":"plain"},"min_items":1}},"description_kind":"plain"},"max_items":1},"static_response":{"nesting_mode":"set","block":{"attributes":{"body":{"type":"string","description_kind":"plain","optional":true},"close":{"type":"bool","description_kind":"plain","optional":true},"status_code":{"type":"string","description_kind":"plain","optional":true}},"block_types":{"header":{"nesting_mode":"set","block":{"attributes":{"name":{"type":"string","description_kind":"plain","required":true},"values":{"type":["list","string"],"description_kind":"plain","required":true}},"description_kind":"plain"}}},"description_kind":"plain"},"max_items":1},"templates":{"nesting_mode":"set","block":{"attributes":{"delimiters":{"type":["list","string"],"description_kind":"plain","optional":true},"file_root":{"type":"string","description_kind":"plain","optional":true},"mime_types":{"type":["list","string"],"description_kind":"plain","optional":true}},"description_kind":"plain"},"max_items":1}},"description_kind":"plain"}},"match":{"nesting_mode":"list","block":{"attributes":{"host":{"type":["list","string"],"description_kind":"plain","optional":true},"method":{"type":["list","string"],"description_kind":"plain","optional":true},"path":{"type":["list","string"],"description_kind":"plain","optional":true}},"block_types":{"header":{"nesting_mode":"set","block":{"attributes":{"name":{"type":"string","description_kind":"plain","required":true},"values":{"type":["list","string"],"description_kind":"plain","required":true}},"description_kind":"plain"}},"not":{"nesting_mode":"list","block":{"attributes":{"host":{"type":["list","string"],"description_kind":"plain","optional":true},"method":{"type":["list","string"],"description_kind":"plain","optional":true},"path":{"type":["list","string"],"description_kind":"plain","optional":true}},"block_types":{"header":{"nesting_mode":"set","block":{"attributes":{"name":{"type":"string","description_kind":"plain","required":true},"values":{"type":["list","string"],"description_kind":"plain","required":true}},"description_kind":"plain"}},"query":{"nesting_mode":"set","block":{"attributes":{"name":{"type":"string","description_kind":"plain","required":true},"values":{"type":["list","string"],"description_kind":"plain","required":true}},"description_kind":"plain"}}},"description_kind":"plain"}},"query":{"nesting_mode":"set","block":{"attributes":{"name":{"type":"string","description_kind":"plain","required":true},"values":{"type":["list","string"],"description_kind":"plain","required":true}},"description_kind":"plain"}}},"description_kind":"plain"}}},"description_kind":"plain"}},"route":{"nesting_mode":"list","block":{"attributes":{"group":{"type":"string","description_kind":"plain","optional":true},"terminal":{"type":"bool","description_kind":"plain","optional":true}},"block_types":{"handle":{"nesting_mode":"list","block":{"block_types":{"file_server":{"nesting_mode":"set","block":{"attributes":{"canonical_uris":{"type":"bool","description_kind":"plain","optional":true},"hide":{"type":["list","string"],"description_kind":"plain","optional":true},"index_names":{"type":["list","string"],"description_kind":"plain","optional":true},"pass_thru":{"type":"bool","description_kind":"plain","optional":true},"root":{"type":"string","description_kind":"plain","optional":true}},"description_kind":"plain"},"max_items":1},"request_body":{"nesting_mode":"set","block":{"attributes":{"max_size":{"type":"number","description_kind":"plain","required":true}},"description_kind":"plain"},"max_items":1},"reverse_proxy":{"nesting_mode":"set","block":{"block_types":{"upstream":{"nesting_mode":"list","block":{"attributes":{"dial":{"type":"string","description_kind":"plain","optional":true}},"description_kind":"plain"},"min_items":1}},"description_kind":"plain"},"max_items":1},"static_response":{"nesting_mode":"set","block":{"attributes":{"body":{"type":"string","description_kind":"plain","optional":true},"close":{"type":"bool","description_kind":"plain","optional":true},"status_code":{"type":"string","description_kind":"plain","optional":true}},"block_types":{"header":{"nesting_mode":"set","block":{"attributes":{"name":{"type":"string","description_kind":"plain","required":true},"values":{"type":["list","string"],"description_kind":"plain","required":true}},"description_kind":"plain"}}},"description_kind":"plain"},"max_items":1},"templates":{"nesting_mode":"set","block":{"attributes":{"delimiters":{"type":["list","string"],"description_kind":"plain","optional":true},"file_root":{"type":"string","description_kind":"plain","optional":true},"mime_types":{"type":["list","string"],"description_kind":"plain","optional":true}},"description_kind":"plain"},"max_items":1}},"description_kind":"plain"}},"match":{"nesting_mode":"list","block":{"attributes":{"host":{"type":["list","string"],"description_kind":"plain","optional":true},"method":{"type":["list","string"],"description_kind":"plain","optional":true},"path":{"type":["list","string"],"description_kind":"plain","optional":true}},"block_types":{"header":{"nesting_mode":"set","block":{"attributes":{"name":{"type":"string","description_kind":"plain","required":true},"values":{"type":["list","string"],"description_kind":"plain","required":true}},"description_kind":"plain"}},"not":{"nesting_mode":"list","block":{"attributes":{"host":{"type":["list","string"],"description_kind":"plain","optional":true},"method":{"type":["list","string"],"description_kind":"plain","optional":true},"path":{"type":["list","string"],"description_kind":"plain","optional":true}},"block_types":{"header":{"nesting_mode":"set","block":{"attributes":{"name":{"type":"string","description_kind":"plain","required":true},"values":{"type":["list","string"],"description_kind":"plain","required":true}},"description_kind":"plain"}},"query":{"nesting_mode":"set","block":{"attributes":{"name":{"type":"string","description_kind":"plain","required":true},"values":{"type":["list","string"],"description_kind":"plain","required":true}},"description_kind":"plain"}}},"description_kind":"plain"}},"query":{"nesting_mode":"set","block":{"attributes":{"name":{"type":"string","description_kind":"plain","required":true},"values":{"type":["list","string"],"description_kind":"plain","required":true}},"description_kind":"plain"}}},"description_kind":"plain"}}},"description_kind":"plain"}}},"description_kind":"plain"},"max_items":1},"templates":{"nesting_mode":"set","block":{"attributes":{"delimiters":{"type":["list","string"],"description_kind":"plain","optional":true},"file_root":{"type":"string","description_kind":"plain","optional":true},"mime_types":{"type":["list","string"],"description_kind":"plain","optional":true}},"description_kind":"plain"},"max_items":1}},"description_kind":"plain"}},"match":{"nesting_mode":"list","block":{"attributes":{"host":{"type":["list","string"],"description_kind":"plain","optional":true},"method":{"type":["list","string"],"description_kind":"plain","optional":true},"path":{"type":["list","string"],"description_kind":"plain","optional":true}},"block_types":{"header":{"nesting_mode":"set","block":{"attributes":{"name":{"type":"string","description_kind":"plain","required":true},"values":{"type":["list","string"],"description_kind":"plain","required":true}},"description_kind":"plain"}},"not":{"nesting_mode":"list","block":{"attributes":{"host":{"type":["list","string"],"description_kind":"plain","optional":true},"method":{"type":["list","string"],"description_kind":"plain","optional":true},"path":{"type":["list","string"],"description_kind":"plain","optional":true}},"block_types":{"header":{"nesting_mode":"set","block":{"attributes":{"name":{"type":"string","description_kind":"plain","required":true},"values":{"type":["list","string"],"description_kind":"plain","required":true}},"description_kind":"plain"}},"query":{"nesting_mode":"set","block":{"attributes":{"name":{"type":"string","description_kind":"plain","required":true},"values":{"type":["list","string"],"description_kind":"plain","required":true}},"description_kind":"plain"}}},"description_kind":"plain"}},"query":{"nesting_mode":"set","block":{"attributes":{"name":{"type":"string","description_kind":"plain","required":true},"values":{"type":["list","string"],"description_kind":"plain","required":true}},"description_kind":"plain"}}},"description_kind":"plain"}}},"description_kind":"plain"}},"route":{"nesting_mode":"list","block":{"attributes":{"group":{"type":"string","description_kind":"plain","optional":true},"terminal":{"type":"bool","description_kind":"plain","optional":true}},"block_types":{"handle":{"nesting_mode":"list","block":{"block_types":{"file_server":{"nesting_mode":"set","block":{"attributes":{"canonical_uris":{"type":"bool","description_kind":"plain","optional":true},"hide":{"type":["list","string"],"description_kind":"plain","optional":true},"index_names":{"type":["list","string"],"description_kind":"plain","optional":true},"pass_thru":{"type":"bool","description_kind":"plain","optional":true},"root":{"type":"string","description_kind":"plain","optional":true}},"description_kind":"plain"},"max_items":1},"request_body":{"nesting_mode":"set","block":{"attributes":{"max_size":{"type":"number","description_kind":"plain","required":true}},"description_kind":"plain"},"max_items":1},"reverse_proxy":{"nesting_mode":"set","block":{"block_types":{"upstream":{"nesting_mode":"list","block":{"attributes":{"dial":{"type":"string","description_kind":"plain","optional":true}},"description_kind":"plain"},"min_items":1}},"description_kind":"plain"},"max_items":1},"static_response":{"nesting_mode":"set","block":{"attributes":{"body":{"type":"string","description_kind":"plain","optional":true},"close":{"type":"bool","description_kind":"plain","optional":true},"status_code":{"type":"string","description_kind":"plain","optional":true}},"block_types":{"header":{"nesting_mode":"set","block":{"attributes":{"name":{"type":"string","description_kind":"plain","required":true},"values":{"type":["list","string"],"description_kind":"plain","required":true}},"description_kind":"plain"}}},"description_kind":"plain"},"max_items":1},"subroute":{"nesting_mode":"set","block":{"block_types":{"error":{"nesting_mode":"list","block":{"attributes":{"group":{"type":"string","description_kind":"plain","optional":true},"terminal":{"type":"bool","description_kind":"plain","optional":true}},"block_types":{"handle":{"nesting_mode":"list","block":{"block_types":{"file_server":{"nesting_mode":"set","block":{"attributes":{"canonical_uris":{"type":"bool","description_kind":"plain","optional":true},"hide":{"type":["list","string"],"description_kind":"plain","optional":true},"index_names":{"type":["list","string"],"description_kind":"plain","optional":true},"pass_thru":{"type":"bool","description_kind":"plain","optional":true},"root":{"type":"string","description_kind":"plain","optional":true}},"description_kind":"plain"},"max_items":1},"request_body":{"nesting_mode":"set","block":{"attributes":{"max_size":{"type":"number","description_kind":"plain","required":true}},"description_kind":"plain"},"max_items":1},"reverse_proxy":{"nesting_mode":"set","block":{"block_types":{"upstream":{"nesting_mode":"list","block":{"attributes":{"dial":{"type":"string","description_kind":"plain","optional":true}},"description_kind":"plain"},"min_items":1}},"description_kind":"plain"},"max_items":1},"static_response":{"nesting_mode":"set","block":{"attributes":{"body":{"type":"string","description_kind":"plain","optional":true},"close":{"type":"bool","description_kind":"plain","optional":true},"status_code":{"type":"string","description_kind":"plain","optional":true}},"block_types":{"header":{"nesting_mode":"set","block":{"attributes":{"name":{"type":"string","description_kind":"plain","required":true},"values":{"type":["list","string"],"description_kind":"plain","required":true}},"description_kind":"plain"}}},"description_kind":"plain"},"max_items":1},"templates":{"nesting_mode":"set","block":{"attributes":{"delimiters":{"type":["list","string"],"description_kind":"plain","optional":true},"file_root":{"type":"string","description_kind":"plain","optional":true},"mime_types":{"type":["list","string"],"description_kind":"plain","optional":true}},"description_kind":"plain"},"max_items":1}},"description_kind":"plain"}},"match":{"nesting_mode":"list","block":{"attributes":{"host":{"type":["list","string"],"description_kind":"plain","optional":true},"method":{"type":["list","string"],"description_kind":"plain","optional":true},"path":{"type":["list","string"],"description_kind":"plain","optional":true}},"block_types":{"header":{"nesting_mode":"set","block":{"attributes":{"name":{"type":"string","description_kind":"plain","required":true},"values":{"type":["list","string"],"description_kind":"plain","required":true}},"description_kind":"plain"}},"not":{"nesting_mode":"list","block":{"attributes":{"host":{"type":["list","string"],"description_kind":"plain","optional":true},"method":{"type":["list","string"],"description_kind":"plain","optional":true},"path":{"type":["list","string"],"description_kind":"plain","optional":true}},"block_types":{"header":{"nesting_mode":"set","block":{"attributes":{"name":{"type":"string","description_kind":"plain","required":true},"values":{"type":["list","string"],"description_kind":"plain","required":true}},"description_kind":"plain"}},"query":{"nesting_mode":"set","block":{"attributes":{"name":{"type":"string","description_kind":"plain","required":true},"values":{"type":["list","string"],"description_kind":"plain","required":true}},"description_kind":"plain"}}},"description_kind":"plain"}},"query":{"nesting_mode":"set","block":{"attributes":{"name":{"type":"string","description_kind":"plain","required":true},"values":{"type":["list","string"],"description_kind":"plain","required":true}},"description_kind":"plain"}}},"description_kind":"plain"}}},"description_kind":"plain"}},"route":{"nesting_mode":"list","block":{"attributes":{"group":{"type":"string","description_kind":"plain","optional":true},"terminal":{"type":"bool","description_kind":"plain","optional":true}},"block_types":{"handle":{"nesting_mode":"list","block":{"block_types":{"file_server":{"nesting_mode":"set","block":{"attributes":{"canonical_uris":{"type":"bool","description_kind":"plain","optional":true},"hide":{"type":["list","string"],"description_kind":"plain","optional":true},"index_names":{"type":["list","string"],"description_kind":"plain","optional":true},"pass_thru":{"type":"bool","description_kind":"plain","optional":true},"root":{"type":"string","description_kind":"plain","optional":true}},"description_kind":"plain"},"max_items":1},"request_body":{"nesting_mode":"set","block":{"attributes":{"max_size":{"type":"number","description_kind":"plain","required":true}},"description_kind":"plain"},"max_items":1},"reverse_proxy":{"nesting_mode":"set","block":{"block_types":{"upstream":{"nesting_mode":"list","block":{"attributes":{"dial":{"type":"string","description_kind":"plain","optional":true}},"description_kind":"plain"},"min_items":1}},"description_kind":"plain"},"max_items":1},"static_response":{"nesting_mode":"set","block":{"attributes":{"body":{"type":"string","description_kind":"plain","optional":true},"close":{"type":"bool","description_kind":"plain","optional":true},"status_code":{"type":"string","description_kind":"plain","optional":true}},"block_types":{"header":{"nesting_mode":"set","block":{"attributes":{"name":{"type":"string","description_kind":"plain","required":true},"values":{"type":["list","string"],"description_kind":"plain","required":true}},"description_kind":"plain"}}},"description_kind":"plain"},"max_items":1},"templates":{"nesting_mode":"set","block":{"attributes":{"delimiters":{"type":["list","string"],"description_kind":"plain","optional":true},"file_root":{"type":"string","description_kind":"plain","optional":true},"mime_types":{"type":["list","string"],"description_kind":"plain","optional":true}},"description_kind":"plain"},"max_items":1}},"description_kind":"plain"}},"match":{"nesting_mode":"list","block":{"attributes":{"host":{"type":["list","string"],"description_kind":"plain","optional":true},"method":{"type":["list","string"],"description_kind":"plain","optional":true},"path":{"type":["list","string"],"description_kind":"plain","optional":true}},"block_types":{"header":{"nesting_mode":"set","block":{"attributes":{"name":{"type":"string","description_kind":"plain","required":true},"values":{"type":["list","string"],"description_kind":"plain","required":true}},"description_kind":"plain"}},"not":{"nesting_mode":"list","block":{"attributes":{"host":{"type":["list","string"],"description_kind":"plain","optional":true},"method":{"type":["list","string"],"description_kind":"plain","optional":true},"path":{"type":["list","string"],"description_kind":"plain","optional":true}},"block_types":{"header":{"nesting_mode":"set","block":{"attributes":{"name":{"type":"string","description_kind":"plain","required":true},"values":{"type":["list","string"],"description_kind":"plain","required":true}},"description_kind":"plain"}},"query":{"nesting_mode":"set","block":{"attributes":{"name":{"type":"string","description_kind":"plain","required":true},"values":{"type":["list","string"],"description_kind":"plain","required":true}},"description_kind":"plain"}}},"description_kind":"plain"}},"query":{"nesting_mode":"set","block":{"attributes":{"name":{"type":"string","description_kind":"plain","required":true},"values":{"type":["list","string"],"description_kind":"plain","required":true}},"description_kind":"plain"}}},"description_kind":"plain"}}},"description_kind":"plain"}}},"description_kind":"plain"},"max_items":1},"templates":{"nesting_mode":"set","block":{"attributes":{"delimiters":{"type":["list","string"],"description_kind":"plain","optional":true},"file_root":{"type":"string","description_kind":"plain","optional":true},"mime_types":{"type":["list","string"],"description_kind":"plain","optional":true}},"description_kind":"plain"},"max_items":1}},"description_kind":"plain"}},"match":{"nesting_mode":"list","block":{"attributes":{"host":{"type":["list","string"],"description_kind":"plain","optional":true},"method":{"type":["list","string"],"description_kind":"plain","optional":true},"path":{"type":["list","string"],"description_kind":"plain","optional":true}},"block_types":{"header":{"nesting_mode":"set","block":{"attributes":{"name":{"type":"string","description_kind":"plain","required":true},"values":{"type":["list","string"],"description_kind":"plain","required":true}},"description_kind":"plain"}},"not":{"nesting_mode":"list","block":{"attributes":{"host":{"type":["list","string"],"description_kind":"plain","optional":true},"method":{"type":["list","string"],"description_kind":"plain","optional":true},"path":{"type":["list","string"],"description_kind":"plain","optional":true}},"block_types":{"header":{"nesting_mode":"set","block":{"attributes":{"name":{"type":"string","description_kind":"plain","required":true},"values":{"type":["list","string"],"description_kind":"plain","required":true}},"description_kind":"plain"}},"query":{"nesting_mode":"set","block":{"attributes":{"name":{"type":"string","description_kind":"plain","required":true},"values":{"type":["list","string"],"description_kind":"plain","required":true}},"description_kind":"plain"}}},"description_kind":"plain"}},"query":{"nesting_mode":"set","block":{"attributes":{"name":{"type":"string","description_kind":"plain","required":true},"values":{"type":["list","string"],"description_kind":"plain","required":true}},"description_kind":"plain"}}},"description_kind":"plain"}}},"description_kind":"plain"}}},"description_kind":"plain"},"max_items":1},"templates":{"nesting_mode":"set","block":{"attributes":{"delimiters":{"type":["list","string"],"description_kind":"plain","optional":true},"file_root":{"type":"string","description_kind":"plain","optional":true},"mime_types":{"type":["list","string"],"description_kind":"plain","optional":true}},"description_kind":"plain"},"max_items":1}},"description_kind":"plain"}},"match":{"nesting_mode":"list","block":{"attributes":{"host":{"type":["list","string"],"description_kind":"plain","optional":true},"method":{"type":["list","string"],"description_kind":"plain","optional":true},"path":{"type":["list","string"],"description_kind":"plain","optional":true}},"block_types":{"header":{"nesting_mode":"set","block":{"attributes":{"name":{"type":"string","description_kind":"plain","required":true},"values":{"type":["list","string"],"description_kind":"plain","required":true}},"description_kind":"plain"}},"not":{"nesting_mode":"list","block":{"attributes":{"host":{"type":["list","string"],"description_kind":"plain","optional":true},"method":{"type":["list","string"],"description_kind":"plain","optional":true},"path":{"type":["list","string"],"description_kind":"plain","optional":true}},"block_types":{"header":{"nesting_mode":"set","block":{"attributes":{"name":{"type":"string","description_kind":"plain","required":true},"values":{"type":["list","string"],"description_kind":"plain","required":true}},"description_kind":"plain"}},"query":{"nesting_mode":"set","block":{"attributes":{"name":{"type":"string","description_kind":"plain","required":true},"values":{"type":["list","string"],"description_kind":"plain","required":true}},"description_kind":"plain"}}},"description_kind":"plain"}},"query":{"nesting_mode":"set","block":{"attributes":{"name":{"type":"string","description_kind":"plain","required":true},"values":{"type":["list","string"],"description_kind":"plain","required":true}},"description_kind":"plain"}}},"description_kind":"plain"}}},"description_kind":"plain"}}},"description_kind":"plain"},"max_items":1},"templates":{"nesting_mode":"set","block":{"attributes":{"delimiters":{"type":["list","string"],"description_kind":"plain","optional":true},"file_root":{"type":"string","description_kind":"plain","optional":true},"mime_types":{"type":["list","string"],"description_kind":"plain","optional":true}},"description_kind":"plain"},"max_items":1}},"description_kind":"plain"}},"match":{"nesting_mode":"list","block":{"attributes":{"host":{"type":["list","string"],"description_kind":"plain","optional":true},"method":{"type":["list","string"],"description_kind":"plain","optional":true},"path":{"type":["list","string"],"description_kind":"plain","optional":true}},"block_types":{"header":{"nesting_mode":"set","block":{"attributes":{"name":{"type":"string","description_kind":"plain","required":true},"values":{"type":["list","string"],"description_kind":"plain","required":true}},"description_kind":"plain"}},"not":{"nesting_mode":"list","block":{"attributes":{"host":{"type":["list","string"],"description_kind":"plain","optional":true},"method":{"type":["list","string"],"description_kind":"plain","optional":true},"path":{"type":["list","string"],"description_kind":"plain","optional":true}},"block_types":{"header":{"nesting_mode":"set","block":{"attributes":{"name":{"type":"string","description_kind":"plain","required":true},"values":{"type":["list","string"],"description_kind":"plain","required":true}},"description_kind":"plain"}},"query":{"nesting_mode":"set","block":{"attributes":{"name":{"type":"string","description_kind":"plain","required":true},"values":{"type":["list","string"],"description_kind":"plain","required":true}},"description_kind":"plain"}}},"description_kind":"plain"}},"query":{"nesting_mode":"set","block":{"attributes":{"name":{"type":"string","description_kind":"plain","required":true},"values":{"type":["list","string"],"description_kind":"plain","required":true}},"description_kind":"plain"}}},"description_kind":"plain"}}},"description_kind":"plain"}}},"description_kind":"plain"},"max_items":1},"templates":{"nesting_mode":"set","block":{"attributes":{"delimiters":{"type":["list","string"],"description_kind":"plain","optional":true},"file_root":{"type":"string","description_kind":"plain","optional":true},"mime_types":{"type":["list","string"],"description_kind":"plain","optional":true}},"description_kind":"plain"},"max_items":1}},"description_kind":"plain"}},"match":{"nesting_mode":"list","block":{"attributes":{"host":{"type":["list","string"],"description_kind":"plain","optional":true},"method":{"type":["list","string"],"description_kind":"plain","optional":true},"path":{"type":["list","string"],"description_kind":"plain","optional":true}},"block_types":{"header":{"nesting_mode":"set","block":{"attributes":{"name":{"type":"string","description_kind":"plain","required":true},"values":{"type":["list","string"],"description_kind":"plain","required":true}},"description_kind":"plain"}},"not":{"nesting_mode":"list","block":{"attributes":{"host":{"type":["list","string"],"description_kind":"plain","optional":true},"method":{"type":["list","string"],"description_kind":"plain","optional":true},"path":{"type":["list","string"],"description_kind":"plain","optional":true}},"block_types":{"header":{"nesting_mode":"set","block":{"attributes":{"name":{"type":"string","description_kind":"plain","required":true},"values":{"type":["list","string"],"description_kind":"plain","required":true}},"description_kind":"plain"}},"query":{"nesting_mode":"set","block":{"attributes":{"name":{"type":"string","description_kind":"plain","required":true},"values":{"type":["list","string"],"description_kind":"plain","required":true}},"description_kind":"plain"}}},"description_kind":"plain"}},"query":{"nesting_mode":"set","block":{"attributes":{"name":{"type":"string","description_kind":"plain","required":true},"values":{"type":["list","string"],"description_kind":"plain","required":true}},"description_kind":"plain"}}},"description_kind":"plain"}}},"description_kind":"plain"}}},"description_kind":"plain"},"max_items":1},"templates":{"nesting_mode":"set","block":{"attributes":{"delimiters":{"type":["list","string"],"description_kind":"plain","optional":true},"file_root":{"type":"string","description_kind":"plain","optional":true},"mime_types":{"type":["list","string"],"description_kind":"plain","optional":true}},"description_kind":"plain"},"max_items":1}},"description_kind":"plain"}},"match":{"nesting_mode":"list","block":{"attributes":{"host":{"type":["list","string"],"description_kind":"plain","optional":true},"method":{"type":["list","string"],"description_kind":"plain","optional":true},"path":{"type":["list","string"],"description_kind":"plain","optional":true}},"block_types":{"header":{"nesting_mode":"set","block":{"attributes":{"name":{"type":"string","description_kind":"plain","required":true},"values":{"type":["list","string"],"description_kind":"plain","required":true}},"description_kind":"plain"}},"not":{"nesting_mode":"list","block":{"attributes":{"host":{"type":["list","string"],"description_kind":"plain","optional":true},"method":{"type":["list","string"],"description_kind":"plain","optional":true},"path":{"type":["list","string"],"description_kind":"plain","optional":true}},"block_types":{"header":{"nesting_mode":"set","block":{"attributes":{"name":{"type":"string","description_kind":"plain","required":true},"values":{"type":["list","string"],"description_kind":"plain","required":true}},"description_kind":"plain"}},"query":{"nesting_mode":"set","block":{"attributes":{"name":{"type":"string","description_kind":"plain","required":true},"values":{"type":["list","string"],"description_kind":"plain","required":true}},"description_kind":"plain"}}},"description_kind":"plain"}},"query":{"nesting_mode":"set","block":{"attributes":{"name":{"type":"string","description_kind":"plain","required":true},"values":{"type":["list","string"],"description_kind":"plain","required":true}},"description_kind":"plain"}}},"description_kind":"plain"}}},"description_kind":"plain"}}},"description_kind":"plain"}}},"data_source_schemas":{"caddy_server_route":{"version":0,"block":{"attributes":{"group":{"type":"string","description_kind":"plain","optional":true},"id":{"type":"string","description_kind":"plain","optional":true,"computed":true},"terminal":{"type":"bool","description_kind":"plain","optional":true}},"block_types":{"handle":{"nesting_mode":"list","block":{"block_types":{"file_server":{"nesting_mode":"set","block":{"attributes":{"canonical_uris":{"type":"bool","description_kind":"plain","optional":true},"hide":{"type":["list","string"],"description_kind":"plain","optional":true},"index_names":{"type":["list","string"],"description_kind":"plain","optional":true},"pass_thru":{"type":"bool","description_kind":"plain","optional":true},"root":{"type":"string","description_kind":"plain","optional":true}},"description_kind":"plain"},"max_items":1},"request_body":{"nesting_mode":"set","block":{"attributes":{"max_size":{"type":"number","description_kind":"plain","required":true}},"description_kind":"plain"},"max_items":1},"reverse_proxy":{"nesting_mode":"set","block":{"block_types":{"upstream":{"nesting_mode":"list","block":{"attributes":{"dial":{"type":"string","description_kind":"plain","optional":true}},"description_kind":"plain"},"min_items":1}},"description_kind":"plain"},"max_items":1},"static_response":{"nesting_mode":"set","block":{"attributes":{"body":{"type":"string","description_kind":"plain","optional":true},"close":{"type":"bool","description_kind":"plain","optional":true},"status_code":{"type":"string","description_kind":"plain","optional":true}},"block_types":{"header":{"nesting_mode":"set","block":{"attributes":{"name":{"type":"string","description_kind":"plain","required":true},"values":{"type":["list","string"],"description_kind":"plain","required":true}},"description_kind":"plain"}}},"description_kind":"plain"},"max_items":1},"subroute":{"nesting_mode":"set","block":{"block_types":{"error":{"nesting_mode":"list","block":{"attributes":{"group":{"type":"string","description_kind":"plain","optional":true},"terminal":{"type":"bool","description_kind":"plain","optional":true}},"block_types":{"handle":{"nesting_mode":"list","block":{"block_types":{"file_server":{"nesting_mode":"set","block":{"attributes":{"canonical_uris":{"type":"bool","description_kind":"plain","optional":true},"hide":{"type":["list","string"],"description_kind":"plain","optional":true},"index_names":{"type":["list","string"],"description_kind":"plain","optional":true},"pass_thru":{"type":"bool","description_kind":"plain","optional":true},"root":{"type":"string","description_kind":"plain","optional":true}},"description_kind":"plain"},"max_items":1},"request_body":{"nesting_mode":"set","block":{"attributes":{"max_size":{"type":"number","description_kind":"plain","required":true}},"description_kind":"plain"},"max_items":1},"reverse_proxy":{"nesting_mode":"set","block":{"block_types":{"upstream":{"nesting_mode":"list","block":{"attributes":{"dial":{"type":"string","description_kind":"plain","optional":true}},"description_kind":"plain"},"min_items":1}},"description_kind":"plain"},"max_items":1},"static_response":{"nesting_mode":"set","block":{"attributes":{"body":{"type":"string","description_kind":"plain","optional":true},"close":{"type":"bool","description_kind":"plain","optional":true},"status_code":{"type":"string","description_kind":"plain","optional":true}},"block_types":{"header":{"nesting_mode":"set","block":{"attributes":{"name":{"type":"string","description_kind":"plain","required":true},"values":{"type":["list","string"],"description_kind":"plain","required":true}},"description_kind":"plain"}}},"description_kind":"plain"},"max_items":1},"subroute":{"nesting_mode":"set","block":{"block_types":{"error":{"nesting_mode":"list","block":{"attributes":{"group":{"type":"string","description_kind":"plain","optional":true},"terminal":{"type":"bool","description_kind":"plain","optional":true}},"block_types":{"handle":{"nesting_mode":"list","block":{"block_types":{"file_server":{"nesting_mode":"set","block":{"attributes":{"canonical_uris":{"type":"bool","description_kind":"plain","optional":true},"hide":{"type":["list","string"],"description_kind":"plain","optional":true},"index_names":{"type":["list","string"],"description_kind":"plain","optional":true},"pass_thru":{"type":"bool","description_kind":"plain","optional":true},"root":{"type":"string","description_kind":"plain","optional":true}},"description_kind":"plain"},"max_items":1},"request_body":{"nesting_mode":"set","block":{"attributes":{"max_size":{"type":"number","description_kind":"plain","required":true}},"description_kind":"plain"},"max_items":1},"reverse_proxy":{"nesting_mode":"set","block":{"block_types":{"upstream":{"nesting_mode":"list","block":{"attributes":{"dial":{"type":"string","description_kind":"plain","optional":true}},"description_kind":"plain"},"min_items":1}},"description_kind":"plain"},"max_items":1},"static_response":{"nesting_mode":"set","block":{"attributes":{"body":{"type":"string","description_kind":"plain","optional":true},"close":{"type":"bool","description_kind":"plain","optional":true},"status_code":{"type":"string","description_kind":"plain","optional":true}},"block_types":{"header":{"nesting_mode":"set","block":{"attributes":{"name":{"type":"string","description_kind":"plain","required":true},"values":{"type":["list","string"],"description_kind":"plain","required":true}},"description_kind":"plain"}}},"description_kind":"plain"},"max_items":1},"subroute":{"nesting_mode":"set","block":{"block_types":{"error":{"nesting_mode":"list","block":{"attributes":{"group":{"type":"string","description_kind":"plain","optional":true},"terminal":{"type":"bool","description_kind":"plain","optional":true}},"block_types":{"handle":{"nesting_mode":"list","block":{"block_types":{"file_server":{"nesting_mode":"set","block":{"attributes":{"canonical_uris":{"type":"bool","description_kind":"plain","optional":true},"hide":{"type":["list","string"],"description_kind":"plain","optional":true},"index_names":{"type":["list","string"],"description_kind":"plain","optional":true},"pass_thru":{"type":"bool","description_kind":"plain","optional":true},"root":{"type":"string","description_kind":"plain","optional":true}},"description_kind":"plain"},"max_items":1},"request_body":{"nesting_mode":"set","block":{"attributes":{"max_size":{"type":"number","description_kind":"plain","required":true}},"description_kind":"plain"},"max_items":1},"reverse_proxy":{"nesting_mode":"set","block":{"block_types":{"upstream":{"nesting_mode":"list","block":{"attributes":{"dial":{"type":"string","description_kind":"plain","optional":true}},"description_kind":"plain"},"min_items":1}},"description_kind":"plain"},"max_items":1},"static_response":{"nesting_mode":"set","block":{"attributes":{"body":{"type":"string","description_kind":"plain","optional":true},"close":{"type":"bool","description_kind":"plain","optional":true},"status_code":{"type":"string","description_kind":"plain","optional":true}},"block_types":{"header":{"nesting_mode":"set","block":{"attributes":{"name":{"type":"string","description_kind":"plain","required":true},"values":{"type":["list","string"],"description_kind":"plain","required":true}},"description_kind":"plain"}}},"description_kind":"plain"},"max_items":1},"subroute":{"nesting_mode":"set","block":{"block_types":{"error":{"nesting_mode":"list","block":{"attributes":{"group":{"type":"string","description_kind":"plain","optional":true},"terminal":{"type":"bool","description_kind":"plain","optional":true}},"block_types":{"handle":{"nesting_mode":"list","block":{"block_types":{"file_server":{"nesting_mode":"set","block":{"attributes":{"canonical_uris":{"type":"bool","description_kind":"plain","optional":true},"hide":{"type":["list","string"],"description_kind":"plain","optional":true},"index_names":{"type":["list","string"],"description_kind":"plain","optional":true},"pass_thru":{"type":"bool","description_kind":"plain","optional":true},"root":{"type":"string","description_kind":"plain","optional":true}},"description_kind":"plain"},"max_items":1},"request_body":{"nesting_mode":"set","block":{"attributes":{"max_size":{"type":"number","description_kind":"plain","required":true}},"description_kind":"plain"},"max_items":1},"reverse_proxy":{"nesting_mode":"set","block":{"block_types":{"upstream":{"nesting_mode":"list","block":{"attributes":{"dial":{"type":"string","description_kind":"plain","optional":true}},"description_kind":"plain"},"min_items":1}},"description_kind":"plain"},"max_items":1},"static_response":{"nesting_mode":"set","block":{"attributes":{"body":{"type":"string","description_kind":"plain","optional":true},"close":{"type":"bool","description_kind":"plain","optional":true},"status_code":{"type":"string","description_kind":"plain","optional":true}},"block_types":{"header":{"nesting_mode":"set","block":{"attributes":{"name":{"type":"string","description_kind":"plain","required":true},"values":{"type":["list","string"],"description_kind":"plain","required":true}},"description_kind":"plain"}}},"description_kind":"plain"},"max_items":1},"subroute":{"nesting_mode":"set","block":{"block_types":{"error":{"nesting_mode":"list","block":{"attributes":{"group":{"type":"string","description_kind":"plain","optional":true},"terminal":{"type":"bool","description_kind":"plain","optional":true}},"block_types":{"handle":{"nesting_mode":"list","block":{"block_types":{"file_server":{"nesting_mode":"set","block":{"attributes":{"canonical_uris":{"type":"bool","description_kind":"plain","optional":true},"hide":{"type":["list","string"],"description_kind":"plain","optional":true},"index_names":{"type":["list","string"],"description_kind":"plain","optional":true},"pass_thru":{"type":"bool","description_kind":"plain","optional":true},"root":{"type":"string","description_kind":"plain","optional":true}},"description_kind":"plain"},"max_items":1},"request_body":{"nesting_mode":"set","block":{"attributes":{"max_size":{"type":"number","description_kind":"plain","required":true}},"description_kind":"plain"},"max_items":1},"reverse_proxy":{"nesting_mode":"set","block":{"block_types":{"upstream":{"nesting_mode":"list","block":{"attributes":{"dial":{"type":"string","description_kind":"plain","optional":true}},"description_kind":"plain"},"min_items":1}},"description_kind":"plain"},"max_items":1},"static_response":{"nesting_mode":"set","block":{"attributes":{"body":{"type":"string","description_kind":"plain","optional":true},"close":{"type":"bool","description_kind":"plain","optional":true},"status_code":{"type":"string","description_kind":"plain","optional":true}},"block_types":{"header":{"nesting_mode":"set","block":{"attributes":{"name":{"type":"string","description_kind":"plain","required":true},"values":{"type":["list","string"],"description_kind":"plain","required":true}},"description_kind":"plain"}}},"description_kind":"plain"},"max_items":1},"templates":{"nesting_mode":"set","block":{"attributes":{"delimiters":{"type":["list","string"],"description_kind":"plain","optional":true},"file_root":{"type":"string","description_kind":"plain","optional":true},"mime_types":{"type":["list","string"],"description_kind":"plain","optional":true}},"description_kind":"plain"},"max_items":1}},"description_kind":"plain"}},"match":{"nesting_mode":"list","block":{"attributes":{"host":{"type":["list","string"],"description_kind":"plain","optional":true},"method":{"type":["list","string"],"description_kind":"plain","optional":true},"path":{"type":["list","string"],"description_kind":"plain","optional":true}},"block_types":{"header":{"nesting_mode":"set","block":{"attributes":{"name":{"type":"string","description_kind":"plain","required":true},"values":{"type":["list","string"],"description_kind":"plain","required":true}},"description_kind":"plain"}},"not":{"nesting_mode":"list","block":{"attributes":{"host":{"type":["list","string"],"description_kind":"plain","optional":true},"method":{"type":["list","string"],"description_kind":"plain","optional":true},"path":{"type":["list","string"],"description_kind":"plain","optional":true}},"block_types":{"header":{"nesting_mode":"set","block":{"attributes":{"name":{"type":"string","description_kind":"plain","required":true},"values":{"type":["list","string"],"description_kind":"plain","required":true}},"description_kind":"plain"}},"query":{"nesting_mode":"set","block":{"attributes":{"name":{"type":"string","description_kind":"plain","required":true},"values":{"type":["list","string"],"description_kind":"plain","required":true}},"description_kind":"plain"}}},"description_kind":"plain"}},"query":{"nesting_mode":"set","block":{"attributes":{"name":{"type":"string","description_kind":"plain","required":true},"values":{"type":["list","string"],"description_kind":"plain","required":true}},"description_kind":"plain"}}},"description_kind":"plain"}}},"description_kind":"plain"}},"route":{"nesting_mode":"list","block":{"attributes":{"group":{"type":"string","description_kind":"plain","optional":true},"terminal":{"type":"bool","description_kind":"plain","optional":true}},"block_types":{"handle":{"nesting_mode":"list","block":{"block_types":{"file_server":{"nesting_mode":"set","block":{"attributes":{"canonical_uris":{"type":"bool","description_kind":"plain","optional":true},"hide":{"type":["list","string"],"description_kind":"plain","optional":true},"index_names":{"type":["list","string"],"description_kind":"plain","optional":true},"pass_thru":{"type":"bool","description_kind":"plain","optional":true},"root":{"type":"string","description_kind":"plain","optional":true}},"description_kind":"plain"},"max_items":1},"request_body":{"nesting_mode":"set","block":{"attributes":{"max_size":{"type":"number","description_kind":"plain","required":true}},"description_kind":"plain"},"max_items":1},"reverse_proxy":{"nesting_mode":"set","block":{"block_types":{"upstream":{"nesting_mode":"list","block":{"attributes":{"dial":{"type":"string","description_kind":"plain","optional":true}},"description_kind":"plain"},"min_items":1}},"description_kind":"plain"},"max_items":1},"static_response":{"nesting_mode":"set","block":{"attributes":{"body":{"type":"string","description_kind":"plain","optional":true},"close":{"type":"bool","description_kind":"plain","optional":true},"status_code":{"type":"string","description_kind":"plain","optional":true}},"block_types":{"header":{"nesting_mode":"set","block":{"attributes":{"name":{"type":"string","description_kind":"plain","required":true},"values":{"type":["list","string"],"description_kind":"plain","required":true}},"description_kind":"plain"}}},"description_kind":"plain"},"max_items":1},"templates":{"nesting_mode":"set","block":{"attributes":{"delimiters":{"type":["list","string"],"description_kind":"plain","optional":true},"file_root":{"type":"string","description_kind":"plain","optional":true},"mime_types":{"type":["list","string"],"description_kind":"plain","optional":true}},"description_kind":"plain"},"max_items":1}},"description_kind":"plain"}},"match":{"nesting_mode":"list","block":{"attributes":{"host":{"type":["list","string"],"description_kind":"plain","optional":true},"method":{"type":["list","string"],"description_kind":"plain","optional":true},"path":{"type":["list","string"],"description_kind":"plain","optional":true}},"block_types":{"header":{"nesting_mode":"set","block":{"attributes":{"name":{"type":"string","description_kind":"plain","required":true},"values":{"type":["list","string"],"description_kind":"plain","required":true}},"description_kind":"plain"}},"not":{"nesting_mode":"list","block":{"attributes":{"host":{"type":["list","string"],"description_kind":"plain","optional":true},"method":{"type":["list","string"],"description_kind":"plain","optional":true},"path":{"type":["list","string"],"description_kind":"plain","optional":true}},"block_types":{"header":{"nesting_mode":"set","block":{"attributes":{"name":{"type":"string","description_kind":"plain","required":true},"values":{"type":["list","string"],"description_kind":"plain","required":true}},"description_kind":"plain"}},"query":{"nesting_mode":"set","block":{"attributes":{"name":{"type":"string","description_kind":"plain","required":true},"values":{"type":["list","string"],"description_kind":"plain","required":true}},"description_kind":"plain"}}},"description_kind":"plain"}},"query":{"nesting_mode":"set","block":{"attributes":{"name":{"type":"string","description_kind":"plain","required":true},"values":{"type":["list","string"],"description_kind":"plain","required":true}},"description_kind":"plain"}}},"description_kind":"plain"}}},"description_kind":"plain"}}},"description_kind":"plain"},"max_items":1},"templates":{"nesting_mode":"set","block":{"attributes":{"delimiters":{"type":["list","string"],"description_kind":"plain","optional":true},"file_root":{"type":"string","description_kind":"plain","optional":true},"mime_types":{"type":["list","string"],"description_kind":"plain","optional":true}},"description_kind":"plain"},"max_items":1}},"description_kind":"plain"}},"match":{"nesting_mode":"list","block":{"attributes":{"host":{"type":["list","string"],"description_kind":"plain","optional":true},"method":{"type":["list","string"],"description_kind":"plain","optional":true},"path":{"type":["list","string"],"description_kind":"plain","optional":true}},"block_types":{"header":{"nesting_mode":"set","block":{"attributes":{"name":{"type":"string","description_kind":"plain","required":true},"values":{"type":["list","string"],"description_kind":"plain","required":true}},"description_kind":"plain"}},"not":{"nesting_mode":"list","block":{"attributes":{"host":{"type":["list","string"],"description_kind":"plain","optional":true},"method":{"type":["list","string"],"description_kind":"plain","optional":true},"path":{"type":["list","string"],"description_kind":"plain","optional":true}},"block_types":{"header":{"nesting_mode":"set","block":{"attributes":{"name":{"type":"string","description_kind":"plain","required":true},"values":{"type":["list","string"],"description_kind":"plain","required":true}},"description_kind":"plain"}},"query":{"nesting_mode":"set","block":{"attributes":{"name":{"type":"string","description_kind":"plain","required":true},"values":{"type":["list","string"],"description_kind":"plain","required":true}},"description_kind":"plain"}}},"description_kind":"plain"}},"query":{"nesting_mode":"set","block":{"attributes":{"name":{"type":"string","description_kind":"plain","required":true},"values":{"type":["list","string"],"description_kind":"plain","required":true}},"description_kind":"plain"}}},"description_kind":"plain"}}},"description_kind":"plain"}},"route":{"nesting_mode":"list","block":{"attributes":{"group":{"type":"string","description_kind":"plain","optional":true},"terminal":{"type":"bool","description_kind":"plain","optional":true}},"block_types":{"handle":{"nesting_mode":"list","block":{"block_types":{"file_server":{"nesting_mode":"set","block":{"attributes":{"canonical_uris":{"type":"bool","description_kind":"plain","optional":true},"hide":{"type":["list","string"],"description_kind":"plain","optional":true},"index_names":{"type":["list","string"],"description_kind":"plain","optional":true},"pass_thru":{"type":"bool","description_kind":"plain","optional":true},"root":{"type":"string","description_kind":"plain","optional":true}},"description_kind":"plain"},"max_items":1},"request_body":{"nesting_mode":"set","block":{"attributes":{"max_size":{"type":"number","description_kind":"plain","required":true}},"description_kind":"plain"},"max_items":1},"reverse_proxy":{"nesting_mode":"set","block":{"block_types":{"upstream":{"nesting_mode":"list","block":{"attributes":{"dial":{"type":"string","description_kind":"plain","optional":true}},"description_kind":"plain"},"min_items":1}},"description_kind":"plain"},"max_items":1},"static_response":{"nesting_mode":"set","block":{"attributes":{"body":{"type":"string","description_kind":"plain","optional":true},"close":{"type":"bool","description_kind":"plain","optional":true},"status_code":{"type":"string","description_kind":"plain","optional":true}},"block_types":{"header":{"nesting_mode":"set","block":{"attributes":{"name":{"type":"string","description_kind":"plain","required":true},"values":{"type":["list","string"],"description_kind":"plain","required":true}},"description_kind":"plain"}}},"description_kind":"plain"},"max_items":1},"subroute":{"nesting_mode":"set","block":{"block_types":{"error":{"nesting_mode":"list","block":{"attributes":{"group":{"type":"string","description_kind":"plain","optional":true},"terminal":{"type":"bool","description_kind":"plain","optional":true}},"block_types":{"handle":{"nesting_mode":"list","block":{"block_types":{"file_server":{"nesting_mode":"set","block":{"attributes":{"canonical_uris":{"type":"bool","description_kind":"plain","optional":true},"hide":{"type":["list","string"],"description_kind":"plain","optional":true},"index_names":{"type":["list","string"],"description_kind":"plain","optional":true},"pass_thru":{"type":"bool","description_kind":"plain","optional":true},"root":{"type":"string","description_kind":"plain","optional":true}},"description_kind":"plain"},"max_items":1},"request_body":{"nesting_mode":"set","block":{"attributes":{"max_size":{"type":"number","description_kind":"plain","required":true}},"description_kind":"plain"},"max_items":1},"reverse_proxy":{"nesting_mode":"set","block":{"block_types":{"upstream":{"nesting_mode":"list","block":{"attributes":{"dial":{"type":"string","description_kind":"plain","optional":true}},"description_kind":"plain"},"min_items":1}},"description_kind":"plain"},"max_items":1},"static_response":{"nesting_mode":"set","block":{"attributes":{"body":{"type":"string","description_kind":"plain","optional":true},"close":{"type":"bool","description_kind":"plain","optional":true},"status_code":{"type":"string","description_kind":"plain","optional":true}},"block_types":{"header":{"nesting_mode":"set","block":{"attributes":{"name":{"type":"string","description_kind":"plain","required":true},"values":{"type":["list","string"],"description_kind":"plain","required":true}},"description_kind":"plain"}}},"description_kind":"plain"},"max_items":1},"templates":{"nesting_mode":"set","block":{"attributes":{"delimiters":{"type":["list","string"],"description_kind":"plain","optional":true},"file_root":{"type":"string","description_kind":"plain","optional":true},"mime_types":{"type":["list","string"],"description_kind":"plain","optional":true}},"description_kind":"plain"},"max_items":1}},"description_kind":"plain"}},"match":{"nesting_mode":"list","block":{"attributes":{"host":{"type":["list","string"],"description_kind":"plain","optional":true},"method":{"type":["list","string"],"description_kind":"plain","optional":true},"path":{"type":["list","string"],"description_kind":"plain","optional":true}},"block_types":{"header":{"nesting_mode":"set","block":{"attributes":{"name":{"type":"string","description_kind":"plain","required":true},"values":{"type":["list","string"],"description_kind":"plain","required":true}},"description_kind":"plain"}},"not":{"nesting_mode":"list","block":{"attributes":{"host":{"type":["list","string"],"description_kind":"plain","optional":true},"method":{"type":["list","string"],"description_kind":"plain","optional":true},"path":{"type":["list","string"],"description_kind":"plain","optional":true}},"block_types":{"header":{"nesting_mode":"set","block":{"attributes":{"name":{"type":"string","description_kind":"plain","required":true},"values":{"type":["list","string"],"description_kind":"plain","required":true}},"description_kind":"plain"}},"query":{"nesting_mode":"set","block":{"attributes":{"name":{"type":"string","description_kind":"plain","required":true},"values":{"type":["list","string"],"description_kind":"plain","required":true}},"description_kind":"plain"}}},"description_kind":"plain"}},"query":{"nesting_mode":"set","block":{"attributes":{"name":{"type":"string","description_kind":"plain","required":true},"values":{"type":["list","string"],"description_kind":"plain","required":true}},"description_kind":"plain"}}},"description_kind":"plain"}}},"description_kind":"plain"}},"route":{"nesting_mode":"list","block":{"attributes":{"group":{"type":"string","description_kind":"plain","optional":true},"terminal":{"type":"bool","description_kind":"plain","optional":true}},"block_types":{"handle":{"nesting_mode":"list","block":{"block_types":{"file_server":{"nesting_mode":"set","block":{"attributes":{"canonical_uris":{"type":"bool","description_kind":"plain","optional":true},"hide":{"type":["list","string"],"description_kind":"plain","optional":true},"index_names":{"type":["list","string"],"description_kind":"plain","optional":true},"pass_thru":{"type":"bool","description_kind":"plain","optional":true},"root":{"type":"string","description_kind":"plain","optional":true}},"description_kind":"plain"},"max_items":1},"request_body":{"nesting_mode":"set","block":{"attributes":{"max_size":{"type":"number","description_kind":"plain","required":true}},"description_kind":"plain"},"max_items":1},"reverse_proxy":{"nesting_mode":"set","block":{"block_types":{"upstream":{"nesting_mode":"list","block":{"attributes":{"dial":{"type":"string","description_kind":"plain","optional":true}},"description_kind":"plain"},"min_items":1}},"description_kind":"plain"},"max_items":1},"static_response":{"nesting_mode":"set","block":{"attributes":{"body":{"type":"string","description_kind":"plain","optional":true},"close":{"type":"bool","description_kind":"plain","optional":true},"status_code":{"type":"string","description_kind":"plain","optional":true}},"block_types":{"header":{"nesting_mode":"set","block":{"attributes":{"name":{"type":"string","description_kind":"plain","required":true},"values":{"type":["list","string"],"description_kind":"plain","required":true}},"description_kind":"plain"}}},"description_kind":"plain"},"max_items":1},"templates":{"nesting_mode":"set","block":{"attributes":{"delimiters":{"type":["list","string"],"description_kind":"plain","optional":true},"file_root":{"type":"string","description_kind":"plain","optional":true},"mime_types":{"type":["list","string"],"description_kind":"plain","optional":true}},"description_kind":"plain"},"max_items":1}},"description_kind":"plain"}},"match":{"nesting_mode":"list","block":{"attributes":{"host":{"type":["list","string"],"description_kind":"plain","optional":true},"method":{"type":["list","string"],"description_kind":"plain","optional":true},"path":{"type":["list","string"],"description_kind":"plain","optional":true}},"block_types":{"header":{"nesting_mode":"set","block":{"attributes":{"name":{"type":"string","description_kind":"plain","required":true},"values":{"type":["list","string"],"description_kind":"plain","required":true}},"description_kind":"plain"}},"not":{"nesting_mode":"list","block":{"attributes":{"host":{"type":["list","string"],"description_kind":"plain","optional":true},"method":{"type":["list","string"],"description_kind":"plain","optional":true},"path":{"type":["list","string"],"description_kind":"plain","optional":true}},"block_types":{"header":{"nesting_mode":"set","block":{"attributes":{"name":{"type":"string","description_kind":"plain","required":true},"values":{"type":["list","string"],"description_kind":"plain","required":true}},"description_kind":"plain"}},"query":{"nesting_mode":"set","block":{"attributes":{"name":{"type":"string","description_kind":"plain","required":true},"values":{"type":["list","string"],"description_kind":"plain","required":true}},"description_kind":"plain"}}},"description_kind":"plain"}},"query":{"nesting_mode":"set","block":{"attributes":{"name":{"type":"string","description_kind":"plain","required":true},"values":{"type":["list","string"],"description_kind":"plain","required":true}},"description_kind":"plain"}}},"description_kind":"plain"}}},"description_kind":"plain"}}},"description_kind":"plain"},"max_items":1},"templates":{"nesting_mode":"set","block":{"attributes":{"delimiters":{"type":["list","string"],"description_kind":"plain","optional":true},"file_root":{"type":"string","description_kind":"plain","optional":true},"mime_types":{"type":["list","string"],"description_kind":"plain","optional":true}},"description_kind":"plain"},"max_items":1}},"description_kind":"plain"}},"match":{"nesting_mode":"list","block":{"attributes":{"host":{"type":["list","string"],"description_kind":"plain","optional":true},"method":{"type":["list","string"],"description_kind":"plain","optional":true},"path":{"type":["list","string"],"description_kind":"plain","optional":true}},"block_types":{"header":{"nesting_mode":"set","block":{"attributes":{"name":{"type":"string","description_kind":"plain","required":true},"values":{"type":["list","string"],"description_kind":"plain","required":true}},"description_kind":"plain"}},"not":{"nesting_mode":"list","block":{"attributes":{"host":{"type":["list","string"],"description_kind":"plain","optional":true},"method":{"type":["list","string"],"description_kind":"plain","optional":true},"path":{"type":["list","string"],"description_kind":"plain","optional":true}},"block_types":{"header":{"nesting_mode":"set","block":{"attributes":{"name":{"type":"string","description_kind":"plain","required":true},"values":{"type":["list","string"],"description_kind":"plain","required":true}},"description_kind":"plain"}},"query":{"nesting_mode":"set","block":{"attributes":{"name":{"type":"string","description_kind":"plain","required":true},"values":{"type":["list","string"],"description_kind":"plain","required":true}},"description_kind":"plain"}}},"description_kind":"plain"}},"query":{"nesting_mode":"set","block":{"attributes":{"name":{"type":"string","description_kind":"plain","required":true},"values":{"type":["list","string"],"description_kind":"plain","required":true}},"description_kind":"plain"}}},"description_kind":"plain"}}},"description_kind":"plain"}}},"description_kind":"plain"},"max_items":1},"templates":{"nesting_mode":"set","block":{"attributes":{"delimiters":{"type":["list","string"],"description_kind":"plain","optional":true},"file_root":{"type":"string","description_kind":"plain","optional":true},"mime_types":{"type":["list","string"],"description_kind":"plain","optional":true}},"description_kind":"plain"},"max_items":1}},"description_kind":"plain"}},"match":{"nesting_mode":"list","block":{"attributes":{"host":{"type":["list","string"],"description_kind":"plain","optional":true},"method":{"type":["list","string"],"description_kind":"plain","optional":true},"path":{"type":["list","string"],"description_kind":"plain","optional":true}},"block_types":{"header":{"nesting_mode":"set","block":{"attributes":{"name":{"type":"string","description_kind":"plain","required":true},"values":{"type":["list","string"],"description_kind":"plain","required":true}},"description_kind":"plain"}},"not":{"nesting_mode":"list","block":{"attributes":{"host":{"type":["list","string"],"description_kind":"plain","optional":true},"method":{"type":["list","string"],"description_kind":"plain","optional":true},"path":{"type":["list","string"],"description_kind":"plain","optional":true}},"block_types":{"header":{"nesting_mode":"set","block":{"attributes":{"name":{"type":"string","description_kind":"plain","required":true},"values":{"type":["list","string"],"description_kind":"plain","required":true}},"description_kind":"plain"}},"query":{"nesting_mode":"set","block":{"attributes":{"name":{"type":"string","description_kind":"plain","required":true},"values":{"type":["list","string"],"description_kind":"plain","required":true}},"description_kind":"plain"}}},"description_kind":"plain"}},"query":{"nesting_mode":"set","block":{"attributes":{"name":{"type":"string","description_kind":"plain","required":true},"values":{"type":["list","string"],"description_kind":"plain","required":true}},"description_kind":"plain"}}},"description_kind":"plain"}}},"description_kind":"plain"}},"route":{"nesting_mode":"list","block":{"attributes":{"group":{"type":"string","description_kind":"plain","optional":true},"terminal":{"type":"bool","description_kind":"plain","optional":true}},"block_types":{"handle":{"nesting_mode":"list","block":{"block_types":{"file_server":{"nesting_mode":"set","block":{"attributes":{"canonical_uris":{"type":"bool","description_kind":"plain","optional":true},"hide":{"type":["list","string"],"description_kind":"plain","optional":true},"index_names":{"type":["list","string"],"description_kind":"plain","optional":true},"pass_thru":{"type":"bool","description_kind":"plain","optional":true},"root":{"type":"string","description_kind":"plain","optional":true}},"description_kind":"plain"},"max_items":1},"request_body":{"nesting_mode":"set","block":{"attributes":{"max_size":{"type":"number","description_kind":"plain","required":true}},"description_kind":"plain"},"max_items":1},"reverse_proxy":{"nesting_mode":"set","block":{"block_types":{"upstream":{"nesting_mode":"list","block":{"attributes":{"dial":{"type":"string","description_kind":"plain","optional":true}},"description_kind":"plain"},"min_items":1}},"description_kind":"plain"},"max_items":1},"static_response":{"nesting_mode":"set","block":{"attributes":{"body":{"type":"string","description_kind":"plain","optional":true},"close":{"type":"bool","description_kind":"plain","optional":true},"status_code":{"type":"string","description_kind":"plain","optional":true}},"block_types":{"header":{"nesting_mode":"set","block":{"attributes":{"name":{"type":"string","description_kind":"plain","required":true},"values":{"type":["list","string"],"description_kind":"plain","required":true}},"description_kind":"plain"}}},"description_kind":"plain"},"max_items":1},"subroute":{"nesting_mode":"set","block":{"block_types":{"error":{"nesting_mode":"list","block":{"attributes":{"group":{"type":"string","description_kind":"plain","optional":true},"terminal":{"type":"bool","description_kind":"plain","optional":true}},"block_types":{"handle":{"nesting_mode":"list","block":{"block_types":{"file_server":{"nesting_mode":"set","block":{"attributes":{"canonical_uris":{"type":"bool","description_kind":"plain","optional":true},"hide":{"type":["list","string"],"description_kind":"plain","optional":true},"index_names":{"type":["list","string"],"description_kind":"plain","optional":true},"pass_thru":{"type":"bool","description_kind":"plain","optional":true},"root":{"type":"string","description_kind":"plain","optional":true}},"description_kind":"plain"},"max_items":1},"request_body":{"nesting_mode":"set","block":{"attributes":{"max_size":{"type":"number","description_kind":"plain","required":true}},"description_kind":"plain"},"max_items":1},"reverse_proxy":{"nesting_mode":"set","block":{"block_types":{"upstream":{"nesting_mode":"list","block":{"attributes":{"dial":{"type":"string","description_kind":"plain","optional":true}},"description_kind":"plain"},"min_items":1}},"description_kind":"plain"},"max_items":1},"static_response":{"nesting_mode":"set","block":{"attributes":{"body":{"type":"string","description_kind":"plain","optional":true},"close":{"type":"bool","description_kind":"plain","optional":true},"status_code":{"type":"string","description_kind":"plain","optional":true}},"block_types":{"header":{"nesting_mode":"set","block":{"attributes":{"name":{"type":"string","description_kind":"plain","required":true},"values":{"type":["list","string"],"description_kind":"plain","required":true}},"description_kind":"plain"}}},"description_kind":"plain"},"max_items":1},"subroute":{"nesting_mode":"set","block":{"block_types":{"error":{"nesting_mode":"list","block":{"attributes":{"group":{"type":"string","description_kind":"plain","optional":true},"terminal":{"type":"bool","description_kind":"plain","optional":true}},"block_types":{"handle":{"nesting_mode":"list","block":{"block_types":{"file_server":{"nesting_mode":"set","block":{"attributes":{"canonical_uris":{"type":"bool","description_kind":"plain","optional":true},"hide":{"type":["list","string"],"description_kind":"plain","optional":true},"index_names":{"type":["list","string"],"description_kind":"plain","optional":true},"pass_thru":{"type":"bool","description_kind":"plain","optional":true},"root":{"type":"string","description_kind":"plain","optional":true}},"description_kind":"plain"},"max_items":1},"request_body":{"nesting_mode":"set","block":{"attributes":{"max_size":{"type":"number","description_kind":"plain","required":true}},"description_kind":"plain"},"max_items":1},"reverse_proxy":{"nesting_mode":"set","block":{"block_types":{"upstream":{"nesting_mode":"list","block":{"attributes":{"dial":{"type":"string","description_kind":"plain","optional":true}},"description_kind":"plain"},"min_items":1}},"description_kind":"plain"},"max_items":1},"static_response":{"nesting_mode":"set","block":{"attributes":{"body":{"type":"string","description_kind":"plain","optional":true},"close":{"type":"bool","description_kind":"plain","optional":true},"status_code":{"type":"string","description_kind":"plain","optional":true}},"block_types":{"header":{"nesting_mode":"set","block":{"attributes":{"name":{"type":"string","description_kind":"plain","required":true},"values":{"type":["list","string"],"description_kind":"plain","required":true}},"description_kind":"plain"}}},"description_kind":"plain"},"max_items":1},"templates":{"nesting_mode":"set","block":{"attributes":{"delimiters":{"type":["list","string"],"description_kind":"plain","optional":true},"file_root":{"type":"string","description_kind":"plain","optional":true},"mime_types":{"type":["list","string"],"description_kind":"plain","optional":true}},"description_kind":"plain"},"max_items":1}},"description_kind":"plain"}},"match":{"nesting_mode":"list","block":{"attributes":{"host":{"type":["list","string"],"description_kind":"plain","optional":true},"method":{"type":["list","string"],"description_kind":"plain","optional":true},"path":{"type":["list","string"],"description_kind":"plain","optional":true}},"block_types":{"header":{"nesting_mode":"set","block":{"attributes":{"name":{"type":"string","description_kind":"plain","required":true},"values":{"type":["list","string"],"description_kind":"plain","required":true}},"description_kind":"plain"}},"not":{"nesting_mode":"list","block":{"attributes":{"host":{"type":["list","string"],"description_kind":"plain","optional":true},"method":{"type":["list","string"],"description_kind":"plain","optional":true},"path":{"type":["list","string"],"description_kind":"plain","optional":true}},"block_types":{"header":{"nesting_mode":"set","block":{"attributes":{"name":{"type":"string","description_kind":"plain","required":true},"values":{"type":["list","string"],"description_kind":"plain","required":true}},"description_kind":"plain"}},"query":{"nesting_mode":"set","block":{"attributes":{"name":{"type":"string","description_kind":"plain","required":true},"values":{"type":["list","string"],"description_kind":"plain","required":true}},"description_kind":"plain"}}},"description_kind":"plain"}},"query":{"nesting_mode":"set","block":{"attributes":{"name":{"type":"string","description_kind":"plain","required":true},"values":{"type":["list","string"],"description_kind":"plain","required":true}},"description_kind":"plain"}}},"description_kind":"plain"}}},"description_kind":"plain"}},"route":{"nesting_mode":"list","block":{"attributes":{"group":{"type":"string","description_kind":"plain","optional":true},"terminal":{"type":"bool","description_kind":"plain","optional":true}},"block_types":{"handle":{"nesting_mode":"list","block":{"block_types":{"file_server":{"nesting_mode":"set","block":{"attributes":{"canonical_uris":{"type":"bool","description_kind":"plain","optional":true},"hide":{"type":["list","string"],"description_kind":"plain","optional":true},"index_names":{"type":["list","string"],"description_kind":"plain","optional":true},"pass_thru":{"type":"bool","description_kind":"plain","optional":true},"root":{"type":"string","description_kind":"plain","optional":true}},"description_kind":"plain"},"max_items":1},"request_body":{"nesting_mode":"set","block":{"attributes":{"max_size":{"type":"number","description_kind":"plain","required":true}},"description_kind":"plain"},"max_items":1},"reverse_proxy":{"nesting_mode":"set","block":{"block_types":{"upstream":{"nesting_mode":"list","block":{"attributes":{"dial":{"type":"string","description_kind":"plain","optional":true}},"description_kind":"plain"},"min_items":1}},"description_kind":"plain"},"max_items":1},"static_response":{"nesting_mode":"set","block":{"attributes":{"body":{"type":"string","description_kind":"plain","optional":true},"close":{"type":"bool","description_kind":"plain","optional":true},"status_code":{"type":"string","description_kind":"plain","optional":true}},"block_types":{"header":{"nesting_mode":"set","block":{"attributes":{"name":{"type":"string","description_kind":"plain","required":true},"values":{"type":["list","string"],"description_kind":"plain","required":true}},"description_kind":"plain"}}},"description_kind":"plain"},"max_items":1},"templates":{"nesting_mode":"set","block":{"attributes":{"delimiters":{"type":["list","string"],"description_kind":"plain","optional":true},"file_root":{"type":"string","description_kind":"plain","optional":true},"mime_types":{"type":["list","string"],"description_kind":"plain","optional":true}},"description_kind":"plain"},"max_items":1}},"description_kind":"plain"}},"match":{"nesting_mode":"list","block":{"attributes":{"host":{"type":["list","string"],"description_kind":"plain","optional":true},"method":{"type":["list","string"],"description_kind":"plain","optional":true},"path":{"type":["list","string"],"description_kind":"plain","optional":true}},"block_types":{"header":{"nesting_mode":"set","block":{"attributes":{"name":{"type":"string","description_kind":"plain","required":true},"values":{"type":["list","string"],"description_kind":"plain","required":true}},"description_kind":"plain"}},"not":{"nesting_mode":"list","block":{"attributes":{"host":{"type":["list","string"],"description_kind":"plain","optional":true},"method":{"type":["list","string"],"description_kind":"plain","optional":true},"path":{"type":["list","string"],"description_kind":"plain","optional":true}},"block_types":{"header":{"nesting_mode":"set","block":{"attributes":{"name":{"type":"string","description_kind":"plain","required":true},"values":{"type":["list","string"],"description_kind":"plain","required":true}},"description_kind":"plain"}},"query":{"nesting_mode":"set","block":{"attributes":{"name":{"type":"string","description_kind":"plain","required":true},"values":{"type":["list","string"],"description_kind":"plain","required":true}},"description_kind":"plain"}}},"description_kind":"plain"}},"query":{"nesting_mode":"set","block":{"attributes":{"name":{"type":"string","description_kind":"plain","required":true},"values":{"type":["list","string"],"description_kind":"plain","required":true}},"description_kind":"plain"}}},"description_kind":"plain"}}},"description_kind":"plain"}}},"description_kind":"plain"},"max_items":1},"templates":{"nesting_mode":"set","block":{"attributes":{"delimiters":{"type":["list","string"],"description_kind":"plain","optional":true},"file_root":{"type":"string","description_kind":"plain","optional":true},"mime_types":{"type":["list","string"],"description_kind":"plain","optional":true}},"description_kind":"plain"},"max_items":1}},"description_kind":"plain"}},"match":{"nesting_mode":"list","block":{"attributes":{"host":{"type":["list","string"],"description_kind":"plain","optional":true},"method":{"type":["list","string"],"description_kind":"plain","optional":true},"path":{"type":["list","string"],"description_kind":"plain","optional":true}},"block_types":{"header":{"nesting_mode":"set","block":{"attributes":{"name":{"type":"string","description_kind":"plain","required":true},"values":{"type":["list","string"],"description_kind":"plain","required":true}},"description_kind":"plain"}},"not":{"nesting_mode":"list","block":{"attributes":{"host":{"type":["list","string"],"description_kind":"plain","optional":true},"method":{"type":["list","string"],"description_kind":"plain","optional":true},"path":{"type":["list","string"],"description_kind":"plain","optional":true}},"block_types":{"header":{"nesting_mode":"set","block":{"attributes":{"name":{"type":"string","description_kind":"plain","required":true},"values":{"type":["list","string"],"description_kind":"plain","required":true}},"description_kind":"plain"}},"query":{"nesting_mode":"set","block":{"attributes":{"name":{"type":"string","description_kind":"plain","required":true},"values":{"type":["list","string"],"description_kind":"plain","required":true}},"description_kind":"plain"}}},"description_kind":"plain"}},"query":{"nesting_mode":"set","block":{"attributes":{"name":{"type":"string","description_kind":"plain","required":true},"values":{"type":["list","string"],"description_kind":"plain","required":true}},"description_kind":"plain"}}},"description_kind":"plain"}}},"description_kind":"plain"}},"route":{"nesting_mode":"list","block":{"attributes":{"group":{"type":"string","description_kind":"plain","optional":true},"terminal":{"type":"bool","description_kind":"plain","optional":true}},"block_types":{"handle":{"nesting_mode":"list","block":{"block_types":{"file_server":{"nesting_mode":"set","block":{"attributes":{"canonical_uris":{"type":"bool","description_kind":"plain","optional":true},"hide":{"type":["list","string"],"description_kind":"plain","optional":true},"index_names":{"type":["list","string"],"description_kind":"plain","optional":true},"pass_thru":{"type":"bool","description_kind":"plain","optional":true},"root":{"type":"string","description_kind":"plain","optional":true}},"description_kind":"plain"},"max_items":1},"request_body":{"nesting_mode":"set","block":{"attributes":{"max_size":{"type":"number","description_kind":"plain","required":true}},"description_kind":"plain"},"max_items":1},"reverse_proxy":{"nesting_mode":"set","block":{"block_types":{"upstream":{"nesting_mode":"list","block":{"attributes":{"dial":{"type":"string","description_kind":"plain","optional":true}},"description_kind":"plain"},"min_items":1}},"description_kind":"plain"},"max_items":1},"static_response":{"nesting_mode":"set","block":{"attributes":{"body":{"type":"string","description_kind":"plain","optional":true},"close":{"type":"bool","description_kind":"plain","optional":true},"status_code":{"type":"string","description_kind":"plain","optional":true}},"block_types":{"header":{"nesting_mode":"set","block":{"attributes":{"name":{"type":"string","description_kind":"plain","required":true},"values":{"type":["list","string"],"description_kind":"plain","required":true}},"description_kind":"plain"}}},"description_kind":"plain"},"max_items":1},"subroute":{"nesting_mode":"set","block":{"block_types":{"error":{"nesting_mode":"list","block":{"attributes":{"group":{"type":"string","description_kind":"plain","optional":true},"terminal":{"type":"bool","description_kind":"plain","optional":true}},"block_types":{"handle":{"nesting_mode":"list","block":{"block_types":{"file_server":{"nesting_mode":"set","block":{"attributes":{"canonical_uris":{"type":"bool","description_kind":"plain","optional":true},"hide":{"type":["list","string"],"description_kind":"plain","optional":true},"index_names":{"type":["list","string"],"description_kind":"plain","optional":true},"pass_thru":{"type":"bool","description_kind":"plain","optional":true},"root":{"type":"string","description_kind":"plain","optional":true}},"description_kind":"plain"},"max_items":1},"request_body":{"nesting_mode":"set","block":{"attributes":{"max_size":{"type":"number","description_kind":"plain","required":true}},"description_kind":"plain"},"max_items":1},"reverse_proxy":{"nesting_mode":"set","block":{"block_types":{"upstream":{"nesting_mode":"list","block":{"attributes":{"dial":{"type":"string","description_kind":"plain","optional":true}},"description_kind":"plain"},"min_items":1}},"description_kind":"plain"},"max_items":1},"static_response":{"nesting_mode":"set","block":{"attributes":{"body":{"type":"string","description_kind":"plain","optional":true},"close":{"type":"bool","description_kind":"plain","optional":true},"status_code":{"type":"string","description_kind":"plain","optional":true}},"block_types":{"header":{"nesting_mode":"set","block":{"attributes":{"name":{"type":"string","description_kind":"plain","required":true},"values":{"type":["list","string"],"description_kind":"plain","required":true}},"description_kind":"plain"}}},"description_kind":"plain"},"max_items":1},"templates":{"nesting_mode":"set","block":{"attributes":{"delimiters":{"type":["list","string"],"description_kind":"plain","optional":true},"file_root":{"type":"string","description_kind":"plain","optional":true},"mime_types":{"type":["list","string"],"description_kind":"plain","optional":true}},"description_kind":"plain"},"max_items":1}},"description_kind":"plain"}},"match":{"nesting_mode":"list","block":{"attributes":{"host":{"type":["list","string"],"description_kind":"plain","optional":true},"method":{"type":["list","string"],"description_kind":"plain","optional":true},"path":{"type":["list","string"],"description_kind":"plain","optional":true}},"block_types":{"header":{"nesting_mode":"set","block":{"attributes":{"name":{"type":"string","description_kind":"plain","required":true},"values":{"type":["list","string"],"description_kind":"plain","required":true}},"description_kind":"plain"}},"not":{"nesting_mode":"list","block":{"attributes":{"host":{"type":["list","string"],"description_kind":"plain","optional":true},"method":{"type":["list","string"],"description_kind":"plain","optional":true},"path":{"type":["list","string"],"description_kind":"plain","optional":true}},"block_types":{"header":{"nesting_mode":"set","block":{"attributes":{"name":{"type":"string","description_kind":"plain","required":true},"values":{"type":["list","string"],"description_kind":"plain","required":true}},"description_kind":"plain"}},"query":{"nesting_mode":"set","block":{"attributes":{"name":{"type":"string","description_kind":"plain","required":true},"values":{"type":["list","string"],"description_kind":"plain","required":true}},"description_kind":"plain"}}},"description_kind":"plain"}},"query":{"nesting_mode":"set","block":{"attributes":{"name":{"type":"string","description_kind":"plain","required":true},"values":{"type":["list","string"],"description_kind":"plain","required":true}},"description_kind":"plain"}}},"description_kind":"plain"}}},"description_kind":"plain"}},"route":{"nesting_mode":"list","block":{"attributes":{"group":{"type":"string","description_kind":"plain","optional":true},"terminal":{"type":"bool","description_kind":"plain","optional":true}},"block_types":{"handle":{"nesting_mode":"list","block":{"block_types":{"file_server":{"nesting_mode":"set","block":{"attributes":{"canonical_uris":{"type":"bool","description_kind":"plain","optional":true},"hide":{"type":["list","string"],"description_kind":"plain","optional":true},"index_names":{"type":["list","string"],"description_kind":"plain","optional":true},"pass_thru":{"type":"bool","description_kind":"plain","optional":true},"root":{"type":"string","description_kind":"plain","optional":true}},"description_kind":"plain"},"max_items":1},"request_body":{"nesting_mode":"set","block":{"attributes":{"max_size":{"type":"number","description_kind":"plain","required":true}},"description_kind":"plain"},"max_items":1},"reverse_proxy":{"nesting_mode":"set","block":{"block_types":{"upstream":{"nesting_mode":"list","block":{"attributes":{"dial":{"type":"string","description_kind":"plain","optional":true}},"description_kind":"plain"},"min_items":1}},"description_kind":"plain"},"max_items":1},"static_response":{"nesting_mode":"set","block":{"attributes":{"body":{"type":"string","description_kind":"plain","optional":true},"close":{"type":"bool","description_kind":"plain","optional":true},"status_code":{"type":"string","description_kind":"plain","optional":true}},"block_types":{"header":{"nesting_mode":"set","block":{"attributes":{"name":{"type":"string","description_kind":"plain","required":true},"values":{"type":["list","string"],"description_kind":"plain","required":true}},"description_kind":"plain"}}},"description_kind":"plain"},"max_items":1},"templates":{"nesting_mode":"set","block":{"attributes":{"delimiters":{"type":["list","string"],"description_kind":"plain","optional":true},"file_root":{"type":"string","description_kind":"plain","optional":true},"mime_types":{"type":["list","string"],"description_kind":"plain","optional":true}},"description_kind":"plain"},"max_items":1}},"description_kind":"plain"}},"match":{"nesting_mode":"list","block":{"attributes":{"host":{"type":["list","string"],"description_kind":"plain","optional":true},"method":{"type":["list","string"],"description_kind":"plain","optional":true},"path":{"type":["list","string"],"description_kind":"plain","optional":true}},"block_types":{"header":{"nesting_mode":"set","block":{"attributes":{"name":{"type":"string","description_kind":"plain","required":true},"values":{"type":["list","string"],"description_kind":"plain","required":true}},"description_kind":"plain"}},"not":{"nesting_mode":"list","block":{"attributes":{"host":{"type":["list","string"],"description_kind":"plain","optional":true},"method":{"type":["list","string"],"description_kind":"plain","optional":true},"path":{"type":["list","string"],"description_kind":"plain","optional":true}},"block_types":{"header":{"nesting_mode":"set","block":{"attributes":{"name":{"type":"string","description_kind":"plain","required":true},"values":{"type":["list","string"],"description_kind":"plain","required":true}},"description_kind":"plain"}},"query":{"nesting_mode":"set","block":{"attributes":{"name":{"type":"string","description_kind":"plain","required":true},"values":{"type":["list","string"],"description_kind":"plain","required":true}},"description_kind":"plain"}}},"description_kind":"plain"}},"query":{"nesting_mode":"set","block":{"attributes":{"name":{"type":"string","description_kind":"plain","required":true},"values":{"type":["list","string"],"description_kind":"plain","required":true}},"description_kind":"plain"}}},"description_kind":"plain"}}},"description_kind":"plain"}}},"description_kind":"plain"},"max_items":1},"templates":{"nesting_mode":"set","block":{"attributes":{"delimiters":{"type":["list","string"],"description_kind":"plain","optional":true},"file_root":{"type":"string","description_kind":"plain","optional":true},"mime_types":{"type":["list","string"],"description_kind":"plain","optional":true}},"description_kind":"plain"},"max_items":1}},"description_kind":"plain"}},"match":{"nesting_mode":"list","block":{"attributes":{"host":{"type":["list","string"],"description_kind":"plain","optional":true},"method":{"type":["list","string"],"description_kind":"plain","optional":true},"path":{"type":["list","string"],"description_kind":"plain","optional":true}},"block_types":{"header":{"nesting_mode":"set","block":{"attributes":{"name":{"type":"string","description_kind":"plain","required":true},"values":{"type":["list","string"],"description_kind":"plain","required":true}},"description_kind":"plain"}},"not":{"nesting_mode":"list","block":{"attributes":{"host":{"type":["list","string"],"description_kind":"plain","optional":true},"method":{"type":["list","string"],"description_kind":"plain","optional":true},"path":{"type":["list","string"],"description_kind":"plain","optional":true}},"block_types":{"header":{"nesting_mode":"set","block":{"attributes":{"name":{"type":"string","description_kind":"plain","required":true},"values":{"type":["list","string"],"description_kind":"plain","required":true}},"description_kind":"plain"}},"query":{"nesting_mode":"set","block":{"attributes":{"name":{"type":"string","description_kind":"plain","required":true},"values":{"type":["list","string"],"description_kind":"plain","required":true}},"description_kind":"plain"}}},"description_kind":"plain"}},"query":{"nesting_mode":"set","block":{"attributes":{"name":{"type":"string","description_kind":"plain","required":true},"values":{"type":["list","string"],"description_kind":"plain","required":true}},"description_kind":"plain"}}},"description_kind":"plain"}}},"description_kind":"plain"}}},"description_kind":"plain"},"max_items":1},"templates":{"nesting_mode":"set","block":{"attributes":{"delimiters":{"type":["list","string"],"description_kind":"plain","optional":true},"file_root":{"type":"string","description_kind":"plain","optional":true},"mime_types":{"type":["list","string"],"description_kind":"plain","optional":true}},"description_kind":"plain"},"max_items":1}},"description_kind":"plain"}},"match":{"nesting_mode":"list","block":{"attributes":{"host":{"type":["list","string"],"description_kind":"plain","optional":true},"method":{"type":["list","string"],"description_kind":"plain","optional":true},"path":{"type":["list","string"],"description_kind":"plain","optional":true}},"block_types":{"header":{"nesting_mode":"set","block":{"attributes":{"name":{"type":"string","description_kind":"plain","required":true},"values":{"type":["list","string"],"description_kind":"plain","required":true}},"description_kind":"plain"}},"not":{"nesting_mode":"list","block":{"attributes":{"host":{"type":["list","string"],"description_kind":"plain","optional":true},"method":{"type":["list","string"],"description_kind":"plain","optional":true},"path":{"type":["list","string"],"description_kind":"plain","optional":true}},"block_types":{"header":{"nesting_mode":"set","block":{"attributes":{"name":{"type":"string","description_kind":"plain","required":true},"values":{"type":["list","string"],"description_kind":"plain","required":true}},"description_kind":"plain"}},"query":{"nesting_mode":"set","block":{"attributes":{"name":{"type":"string","description_kind":"plain","required":true},"values":{"type":["list","string"],"description_kind":"plain","required":true}},"description_kind":"plain"}}},"description_kind":"plain"}},"query":{"nesting_mode":"set","block":{"attributes":{"name":{"type":"string","description_kind":"plain","required":true},"values":{"type":["list","string"],"description_kind":"plain","required":true}},"description_kind":"plain"}}},"description_kind":"plain"}}},"description_kind":"plain"}}},"description_kind":"plain"},"max_items":1},"templates":{"nesting_mode":"set","block":{"attributes":{"delimiters":{"type":["list","string"],"description_kind":"plain","optional":true},"file_root":{"type":"string","description_kind":"plain","optional":true},"mime_types":{"type":["list","string"],"description_kind":"plain","optional":true}},"description_kind":"plain"},"max_items":1}},"description_kind":"plain"}},"match":{"nesting_mode":"list","block":{"attributes":{"host":{"type":["list","string"],"description_kind":"plain","optional":true},"method":{"type":["list","string"],"description_kind":"plain","optional":true},"path":{"type":["list","string"],"description_kind":"plain","optional":true}},"block_types":{"header":{"nesting_mode":"set","block":{"attributes":{"name":{"type":"string","description_kind":"plain","required":true},"values":{"type":["list","string"],"description_kind":"plain","required":true}},"description_kind":"plain"}},"not":{"nesting_mode":"list","block":{"attributes":{"host":{"type":["list","string"],"description_kind":"plain","optional":true},"method":{"type":["list","string"],"description_kind":"plain","optional":true},"path":{"type":["list","string"],"description_kind":"plain","optional":true}},"block_types":{"header":{"nesting_mode":"set","block":{"attributes":{"name":{"type":"string","description_kind":"plain","required":true},"values":{"type":["list","string"],"description_kind":"plain","required":true}},"description_kind":"plain"}},"query":{"nesting_mode":"set","block":{"attributes":{"name":{"type":"string","description_kind":"plain","required":true},"values":{"type":["list","string"],"description_kind":"plain","required":true}},"description_kind":"plain"}}},"description_kind":"plain"}},"query":{"nesting_mode":"set","block":{"attributes":{"name":{"type":"string","description_kind":"plain","required":true},"values":{"type":["list","string"],"description_kind":"plain","required":true}},"description_kind":"plain"}}},"description_kind":"plain"}}},"description_kind":"plain"}},"route":{"nesting_mode":"list","block":{"attributes":{"group":{"type":"string","description_kind":"plain","optional":true},"terminal":{"type":"bool","description_kind":"plain","optional":true}},"block_types":{"handle":{"nesting_mode":"list","block":{"block_types":{"file_server":{"nesting_mode":"set","block":{"attributes":{"canonical_uris":{"type":"bool","description_kind":"plain","optional":true},"hide":{"type":["list","string"],"description_kind":"plain","optional":true},"index_names":{"type":["list","string"],"description_kind":"plain","optional":true},"pass_thru":{"type":"bool","description_kind":"plain","optional":true},"root":{"type":"string","description_kind":"plain","optional":true}},"description_kind":"plain"},"max_items":1},"request_body":{"nesting_mode":"set","block":{"attributes":{"max_size":{"type":"number","description_kind":"plain","required":true}},"description_kind":"plain"},"max_items":1},"reverse_proxy":{"nesting_mode":"set","block":{"block_types":{"upstream":{"nesting_mode":"list","block":{"attributes":{"dial":{"type":"string","description_kind":"plain","optional":true}},"description_kind":"plain"},"min_items":1}},"description_kind":"plain"},"max_items":1},"static_response":{"nesting_mode":"set","block":{"attributes":{"body":{"type":"string","description_kind":"plain","optional":true},"close":{"type":"bool","description_kind":"plain","optional":true},"status_code":{"type":"string","description_kind":"plain","optional":true}},"block_types":{"header":{"nesting_mode":"set","block":{"attributes":{"name":{"type":"string","description_kind":"plain","required":true},"values":{"type":["list","string"],"description_kind":"plain","required":true}},"description_kind":"plain"}}},"description_kind":"plain"},"max_items":1},"subroute":{"nesting_mode":"set","block":{"block_types":{"error":{"nesting_mode":"list","block":{"attributes":{"group":{"type":"string","description_kind":"plain","optional":true},"terminal":{"type":"bool","description_kind":"plain","optional":true}},"block_types":{"handle":{"nesting_mode":"list","block":{"block_types":{"file_server":{"nesting_mode":"set","block":{"attributes":{"canonical_uris":{"type":"bool","description_kind":"plain","optional":true},"hide":{"type":["list","string"],"description_kind":"plain","optional":true},"index_names":{"type":["list","string"],"description_kind":"plain","optional":true},"pass_thru":{"type":"bool","description_kind":"plain","optional":true},"root":{"type":"string","description_kind":"plain","optional":true}},"description_kind":"plain"},"max_items":1},"request_body":{"nesting_mode":"set","block":{"attributes":{"max_size":{"type":"number","description_kind":"plain","required":true}},"description_kind":"plain"},"max_items":1},"reverse_proxy":{"nesting_mode":"set","block":{"block_types":{"upstream":{"nesting_mode":"list","block":{"attributes":{"dial":{"type":"string","description_kind":"plain","optional":true}},"description_kind":"plain"},"min_items":1}},"description_kind":"plain"},"max_items":1},"static_response":{"nesting_mode":"set","block":{"attributes":{"body":{"type":"string","description_kind":"plain","optional":true},"close":{"type":"bool","description_kind":"plain","optional":true},"status_code":{"type":"string","description_kind":"plain","optional":true}},"block_types":{"header":{"nesting_mode":"set","block":{"attributes":{"name":{"type":"string","description_kind":"plain","required":true},"values":{"type":["list","string"],"description_kind":"plain","required":true}},"description_kind":"plain"}}},"description_kind":"plain"},"max_items":1},"subroute":{"nesting_mode":"set","block":{"block_types":{"error":{"nesting_mode":"list","block":{"attributes":{"group":{"type":"string","description_kind":"plain","optional":true},"terminal":{"type":"bool","description_kind":"plain","optional":true}},"block_types":{"handle":{"nesting_mode":"list","block":{"block_types":{"file_server":{"nesting_mode":"set","block":{"attributes":{"canonical_uris":{"type":"bool","description_kind":"plain","optional":true},"hide":{"type":["list","string"],"description_kind":"plain","optional":true},"index_names":{"type":["list","string"],"description_kind":"plain","optional":true},"pass_thru":{"type":"bool","description_kind":"plain","optional":true},"root":{"type":"string","description_kind":"plain","optional":true}},"description_kind":"plain"},"max_items":1},"request_body":{"nesting_mode":"set","block":{"attributes":{"max_size":{"type":"number","description_kind":"plain","required":true}},"description_kind":"plain"},"max_items":1},"reverse_proxy":{"nesting_mode":"set","block":{"block_types":{"upstream":{"nesting_mode":"list","block":{"attributes":{"dial":{"type":"string","description_kind":"plain","optional":true}},"description_kind":"plain"},"min_items":1}},"description_kind":"plain"},"max_items":1},"static_response":{"nesting_mode":"set","block":{"attributes":{"body":{"type":"string","description_kind":"plain","optional":true},"close":{"type":"bool","description_kind":"plain","optional":true},"status_code":{"type":"string","description_kind":"plain","optional":true}},"block_types":{"header":{"nesting_mode":"set","block":{"attributes":{"name":{"type":"string","description_kind":"plain","required":true},"values":{"type":["list","string"],"description_kind":"plain","required":true}},"description_kind":"plain"}}},"description_kind":"plain"},"max_items":1},"subroute":{"nesting_mode":"set","block":{"block_types":{"error":{"nesting_mode":"list","block":{"attributes":{"group":{"type":"string","description_kind":"plain","optional":true},"terminal":{"type":"bool","description_kind":"plain","optional":true}},"block_types":{"handle":{"nesting_mode":"list","block":{"block_types":{"file_server":{"nesting_mode":"set","block":{"attributes":{"canonical_uris":{"type":"bool","description_kind":"plain","optional":true},"hide":{"type":["list","string"],"description_kind":"plain","optional":true},"index_names":{"type":["list","string"],"description_kind":"plain","optional":true},"pass_thru":{"type":"bool","description_kind":"plain","optional":true},"root":{"type":"string","description_kind":"plain","optional":true}},"description_kind":"plain"},"max_items":1},"request_body":{"nesting_mode":"set","block":{"attributes":{"max_size":{"type":"number","description_kind":"plain","required":true}},"description_kind":"plain"},"max_items":1},"reverse_proxy":{"nesting_mode":"set","block":{"block_types":{"upstream":{"nesting_mode":"list","block":{"attributes":{"dial":{"type":"string","description_kind":"plain","optional":true}},"description_kind":"plain"},"min_items":1}},"description_kind":"plain"},"max_items":1},"static_response":{"nesting_mode":"set","block":{"attributes":{"body":{"type":"string","description_kind":"plain","optional":true},"close":{"type":"bool","description_kind":"plain","optional":true},"status_code":{"type":"string","description_kind":"plain","optional":true}},"block_types":{"header":{"nesting_mode":"set","block":{"attributes":{"name":{"type":"string","description_kind":"plain","required":true},"values":{"type":["list","string"],"description_kind":"plain","required":true}},"description_kind":"plain"}}},"description_kind":"plain"},"max_items":1},"templates":{"nesting_mode":"set","block":{"attributes":{"delimiters":{"type":["list","string"],"description_kind":"plain","optional":true},"file_root":{"type":"string","description_kind":"plain","optional":true},"mime_types":{"type":["list","string"],"description_kind":"plain","optional":true}},"description_kind":"plain"},"max_items":1}},"description_kind":"plain"}},"match":{"nesting_mode":"list","block":{"attributes":{"host":{"type":["list","string"],"description_kind":"plain","optional":true},"method":{"type":["list","string"],"description_kind":"plain","optional":true},"path":{"type":["list","string"],"description_kind":"plain","optional":true}},"block_types":{"header":{"nesting_mode":"set","block":{"attributes":{"name":{"type":"string","description_kind":"plain","required":true},"values":{"type":["list","string"],"description_kind":"plain","required":true}},"description_kind":"plain"}},"not":{"nesting_mode":"list","block":{"attributes":{"host":{"type":["list","string"],"description_kind":"plain","optional":true},"method":{"type":["list","string"],"description_kind":"plain","optional":true},"path":{"type":["list","string"],"description_kind":"plain","optional":true}},"block_types":{"header":{"nesting_mode":"set","block":{"attributes":{"name":{"type":"string","description_kind":"plain","required":true},"values":{"type":["list","string"],"description_kind":"plain","required":true}},"description_kind":"plain"}},"query":{"nesting_mode":"set","block":{"attributes":{"name":{"type":"string","description_kind":"plain","required":true},"values":{"type":["list","string"],"description_kind":"plain","required":true}},"description_kind":"plain"}}},"description_kind":"plain"}},"query":{"nesting_mode":"set","block":{"attributes":{"name":{"type":"string","description_kind":"plain","required":true},"values":{"type":["list","string"],"description_kind":"plain","required":true}},"description_kind":"plain"}}},"description_kind":"plain"}}},"description_kind":"plain"}},"route":{"nesting_mode":"list","block":{"attributes":{"group":{"type":"string","description_kind":"plain","optional":true},"terminal":{"type":"bool","description_kind":"plain","optional":true}},"block_types":{"handle":{"nesting_mode":"list","block":{"block_types":{"file_server":{"nesting_mode":"set","block":{"attributes":{"canonical_uris":{"type":"bool","description_kind":"plain","optional":true},"hide":{"type":["list","string"],"description_kind":"plain","optional":true},"index_names":{"type":["list","string"],"description_kind":"plain","optional":true},"pass_thru":{"type":"bool","description_kind":"plain","optional":true},"root":{"type":"string","description_kind":"plain","optional":true}},"description_kind":"plain"},"max_items":1},"request_body":{"nesting_mode":"set","block":{"attributes":{"max_size":{"type":"number","description_kind":"plain","required":true}},"description_kind":"plain"},"max_items":1},"reverse_proxy":{"nesting_mode":"set","block":{"block_types":{"upstream":{"nesting_mode":"list","block":{"attributes":{"dial":{"type":"string","description_kind":"plain","optional":true}},"description_kind":"plain"},"min_items":1}},"description_kind":"plain"},"max_items":1},"static_response":{"nesting_mode":"set","block":{"attributes":{"body":{"type":"string","description_kind":"plain","optional":true},"close":{"type":"bool","description_kind":"plain","optional":true},"status_code":{"type":"string","description_kind":"plain","optional":true}},"block_types":{"header":{"nesting_mode":"set","block":{"attributes":{"name":{"type":"string","description_kind":"plain","required":true},"values":{"type":["list","string"],"description_kind":"plain","required":true}},"description_kind":"plain"}}},"description_kind":"plain"},"max_items":1},"templates":{"nesting_mode":"set","block":{"attributes":{"delimiters":{"type":["list","string"],"description_kind":"plain","optional":true},"file_root":{"type":"string","description_kind":"plain","optional":true},"mime_types":{"type":["list","string"],"description_kind":"plain","optional":true}},"description_kind":"plain"},"max_items":1}},"description_kind":"plain"}},"match":{"nesting_mode":"list","block":{"attributes":{"host":{"type":["list","string"],"description_kind":"plain","optional":true},"method":{"type":["list","string"],"description_kind":"plain","optional":true},"path":{"type":["list","string"],"description_kind":"plain","optional":true}},"block_types":{"header":{"nesting_mode":"set","block":{"attributes":{"name":{"type":"string","description_kind":"plain","required":true},"values":{"type":["list","string"],"description_kind":"plain","required":true}},"description_kind":"plain"}},"not":{"nesting_mode":"list","block":{"attributes":{"host":{"type":["list","string"],"description_kind":"plain","optional":true},"method":{"type":["list","string"],"description_kind":"plain","optional":true},"path":{"type":["list","string"],"description_kind":"plain","optional":true}},"block_types":{"header":{"nesting_mode":"set","block":{"attributes":{"name":{"type":"string","description_kind":"plain","required":true},"values":{"type":["list","string"],"description_kind":"plain","required":true}},"description_kind":"plain"}},"query":{"nesting_mode":"set","block":{"attributes":{"name":{"type":"string","description_kind":"plain","required":true},"values":{"type":["list","string"],"description_kind":"plain","required":true}},"description_kind":"plain"}}},"description_kind":"plain"}},"query":{"nesting_mode":"set","block":{"attributes":{"name":{"type":"string","description_kind":"plain","required":true},"values":{"type":["list","string"],"description_kind":"plain","required":true}},"description_kind":"plain"}}},"description_kind":"plain"}}},"description_kind":"plain"}}},"description_kind":"plain"},"max_items":1},"templates":{"nesting_mode":"set","block":{"attributes":{"delimiters":{"type":["list","string"],"description_kind":"plain","optional":true},"file_root":{"type":"string","description_kind":"plain","optional":true},"mime_types":{"type":["list","string"],"description_kind":"plain","optional":true}},"description_kind":"plain"},"max_items":1}},"description_kind":"plain"}},"match":{"nesting_mode":"list","block":{"attributes":{"host":{"type":["list","string"],"description_kind":"plain","optional":true},"method":{"type":["list","string"],"description_kind":"plain","optional":true},"path":{"type":["list","string"],"description_kind":"plain","optional":true}},"block_types":{"header":{"nesting_mode":"set","block":{"attributes":{"name":{"type":"string","description_kind":"plain","required":true},"values":{"type":["list","string"],"description_kind":"plain","required":true}},"description_kind":"plain"}},"not":{"nesting_mode":"list","block":{"attributes":{"host":{"type":["list","string"],"description_kind":"plain","optional":true},"method":{"type":["list","string"],"description_kind":"plain","optional":true},"path":{"type":["list","string"],"description_kind":"plain","optional":true}},"block_types":{"header":{"nesting_mode":"set","block":{"attributes":{"name":{"type":"string","description_kind":"plain","required":true},"values":{"type":["list","string"],"description_kind":"plain","required":true}},"description_kind":"plain"}},"query":{"nesting_mode":"set","block":{"attributes":{"name":{"type":"string","description_kind":"plain","required":true},"values":{"type":["list","string"],"description_kind":"plain","required":true}},"description_kind":"plain"}}},"description_kind":"plain"}},"query":{"nesting_mode":"set","block":{"attributes":{"name":{"type":"string","description_kind":"plain","required":true},"values":{"type":["list","string"],"description_kind":"plain","required":true}},"description_kind":"plain"}}},"description_kind":"plain"}}},"description_kind":"plain"}},"route":{"nesting_mode":"list","block":{"attributes":{"group":{"type":"string","description_kind":"plain","optional":true},"terminal":{"type":"bool","description_kind":"plain","optional":true}},"block_types":{"handle":{"nesting_mode":"list","block":{"block_types":{"file_server":{"nesting_mode":"set","block":{"attributes":{"canonical_uris":{"type":"bool","description_kind":"plain","optional":true},"hide":{"type":["list","string"],"description_kind":"plain","optional":true},"index_names":{"type":["list","string"],"description_kind":"plain","optional":true},"pass_thru":{"type":"bool","description_kind":"plain","optional":true},"root":{"type":"string","description_kind":"plain","optional":true}},"description_kind":"plain"},"max_items":1},"request_body":{"nesting_mode":"set","block":{"attributes":{"max_size":{"type":"number","description_kind":"plain","required":true}},"description_kind":"plain"},"max_items":1},"reverse_proxy":{"nesting_mode":"set","block":{"block_types":{"upstream":{"nesting_mode":"list","block":{"attributes":{"dial":{"type":"string","description_kind":"plain","optional":true}},"description_kind":"plain"},"min_items":1}},"description_kind":"plain"},"max_items":1},"static_response":{"nesting_mode":"set","block":{"attributes":{"body":{"type":"string","description_kind":"plain","optional":true},"close":{"type":"bool","description_kind":"plain","optional":true},"status_code":{"type":"string","description_kind":"plain","optional":true}},"block_types":{"header":{"nesting_mode":"set","block":{"attributes":{"name":{"type":"string","description_kind":"plain","required":true},"values":{"type":["list","string"],"description_kind":"plain","required":true}},"description_kind":"plain"}}},"description_kind":"plain"},"max_items":1},"subroute":{"nesting_mode":"set","block":{"block_types":{"error":{"nesting_mode":"list","block":{"attributes":{"group":{"type":"string","description_kind":"plain","optional":true},"terminal":{"type":"bool","description_kind":"plain","optional":true}},"block_types":{"handle":{"nesting_mode":"list","block":{"block_types":{"file_server":{"nesting_mode":"set","block":{"attributes":{"canonical_uris":{"type":"bool","description_kind":"plain","optional":true},"hide":{"type":["list","string"],"description_kind":"plain","optional":true},"index_names":{"type":["list","string"],"description_kind":"plain","optional":true},"pass_thru":{"type":"bool","description_kind":"plain","optional":true},"root":{"type":"string","description_kind":"plain","optional":true}},"description_kind":"plain"},"max_items":1},"request_body":{"nesting_mode":"set","block":{"attributes":{"max_size":{"type":"number","description_kind":"plain","required":true}},"description_kind":"plain"},"max_items":1},"reverse_proxy":{"nesting_mode":"set","block":{"block_types":{"upstream":{"nesting_mode":"list","block":{"attributes":{"dial":{"type":"string","description_kind":"plain","optional":true}},"description_kind":"plain"},"min_items":1}},"description_kind":"plain"},"max_items":1},"static_response":{"nesting_mode":"set","block":{"attributes":{"body":{"type":"string","description_kind":"plain","optional":true},"close":{"type":"bool","description_kind":"plain","optional":true},"status_code":{"type":"string","description_kind":"plain","optional":true}},"block_types":{"header":{"nesting_mode":"set","block":{"attributes":{"name":{"type":"string","description_kind":"plain","required":true},"values":{"type":["list","string"],"description_kind":"plain","required":true}},"description_kind":"plain"}}},"description_kind":"plain"},"max_items":1},"templates":{"nesting_mode":"set","block":{"attributes":{"delimiters":{"type":["list","string"],"description_kind":"plain","optional":true},"file_root":{"type":"string","description_kind":"plain","optional":true},"mime_types":{"type":["list","string"],"description_kind":"plain","optional":true}},"description_kind":"plain"},"max_items":1}},"description_kind":"plain"}},"match":{"nesting_mode":"list","block":{"attributes":{"host":{"type":["list","string"],"description_kind":"plain","optional":true},"method":{"type":["list","string"],"description_kind":"plain","optional":true},"path":{"type":["list","string"],"description_kind":"plain","optional":true}},"block_types":{"header":{"nesting_mode":"set","block":{"attributes":{"name":{"type":"string","description_kind":"plain","required":true},"values":{"type":["list","string"],"description_kind":"plain","required":true}},"description_kind":"plain"}},"not":{"nesting_mode":"list","block":{"attributes":{"host":{"type":["list","string"],"description_kind":"plain","optional":true},"method":{"type":["list","string"],"description_kind":"plain","optional":true},"path":{"type":["list","string"],"description_kind":"plain","optional":true}},"block_types":{"header":{"nesting_mode":"set","block":{"attributes":{"name":{"type":"string","description_kind":"plain","required":true},"values":{"type":["list","string"],"description_kind":"plain","required":true}},"description_kind":"plain"}},"query":{"nesting_mode":"set","block":{"attributes":{"name":{"type":"string","description_kind":"plain","required":true},"values":{"type":["list","string"],"description_kind":"plain","required":true}},"description_kind":"plain"}}},"description_kind":"plain"}},"query":{"nesting_mode":"set","block":{"attributes":{"name":{"type":"string","description_kind":"plain","required":true},"values":{"type":["list","string"],"description_kind":"plain","required":true}},"description_kind":"plain"}}},"description_kind":"plain"}}},"description_kind":"plain"}},"route":{"nesting_mode":"list","block":{"attributes":{"group":{"type":"string","description_kind":"plain","optional":true},"terminal":{"type":"bool","description_kind":"plain","optional":true}},"block_types":{"handle":{"nesting_mode":"list","block":{"block_types":{"file_server":{"nesting_mode":"set","block":{"attributes":{"canonical_uris":{"type":"bool","description_kind":"plain","optional":true},"hide":{"type":["list","string"],"description_kind":"plain","optional":true},"index_names":{"type":["list","string"],"description_kind":"plain","optional":true},"pass_thru":{"type":"bool","description_kind":"plain","optional":true},"root":{"type":"string","description_kind":"plain","optional":true}},"description_kind":"plain"},"max_items":1},"request_body":{"nesting_mode":"set","block":{"attributes":{"max_size":{"type":"number","description_kind":"plain","required":true}},"description_kind":"plain"},"max_items":1},"reverse_proxy":{"nesting_mode":"set","block":{"block_types":{"upstream":{"nesting_mode":"list","block":{"attributes":{"dial":{"type":"string","description_kind":"plain","optional":true}},"description_kind":"plain"},"min_items":1}},"description_kind":"plain"},"max_items":1},"static_response":{"nesting_mode":"set","block":{"attributes":{"body":{"type":"string","description_kind":"plain","optional":true},"close":{"type":"bool","description_kind":"plain","optional":true},"status_code":{"type":"string","description_kind":"plain","optional":true}},"block_types":{"header":{"nesting_mode":"set","block":{"attributes":{"name":{"type":"string","description_kind":"plain","required":true},"values":{"type":["list","string"],"description_kind":"plain","required":true}},"description_kind":"plain"}}},"description_kind":"plain"},"max_items":1},"templates":{"nesting_mode":"set","block":{"attributes":{"delimiters":{"type":["list","string"],"description_kind":"plain","optional":true},"file_root":{"type":"string","description_kind":"plain","optional":true},"mime_types":{"type":["list","string"],"description_kind":"plain","optional":true}},"description_kind":"plain"},"max_items":1}},"description_kind":"plain"}},"match":{"nesting_mode":"list","block":{"attributes":{"host":{"type":["list","string"],"description_kind":"plain","optional":true},"method":{"type":["list","string"],"description_kind":"plain","optional":true},"path":{"type":["list","string"],"description_kind":"plain","optional":true}},"block_types":{"header":{"nesting_mode":"set","block":{"attributes":{"name":{"type":"string","description_kind":"plain","required":true},"values":{"type":["list","string"],"description_kind":"plain","required":true}},"description_kind":"plain"}},"not":{"nesting_mode":"list","block":{"attributes":{"host":{"type":["list","string"],"description_kind":"plain","optional":true},"method":{"type":["list","string"],"description_kind":"plain","optional":true},"path":{"type":["list","string"],"description_kind":"plain","optional":true}},"block_types":{"header":{"nesting_mode":"set","block":{"attributes":{"name":{"type":"string","description_kind":"plain","required":true},"values":{"type":["list","string"],"description_kind":"plain","required":true}},"description_kind":"plain"}},"query":{"nesting_mode":"set","block":{"attributes":{"name":{"type":"string","description_kind":"plain","required":true},"values":{"type":["list","string"],"description_kind":"plain","required":true}},"description_kind":"plain"}}},"description_kind":"plain"}},"query":{"nesting_mode":"set","block":{"attributes":{"name":{"type":"string","description_kind":"plain","required":true},"values":{"type":["list","string"],"description_kind":"plain","required":true}},"description_kind":"plain"}}},"description_kind":"plain"}}},"description_kind":"plain"}}},"description_kind":"plain"},"max_items":1},"templates":{"nesting_mode":"set","block":{"attributes":{"delimiters":{"type":["list","string"],"description_kind":"plain","optional":true},"file_root":{"type":"string","description_kind":"plain","optional":true},"mime_types":{"type":["list","string"],"description_kind":"plain","optional":true}},"description_kind":"plain"},"max_items":1}},"description_kind":"plain"}},"match":{"nesting_mode":"list","block":{"attributes":{"host":{"type":["list","string"],"description_kind":"plain","optional":true},"method":{"type":["list","string"],"description_kind":"plain","optional":true},"path":{"type":["list","string"],"description_kind":"plain","optional":true}},"block_types":{"header":{"nesting_mode":"set","block":{"attributes":{"name":{"type":"string","description_kind":"plain","required":true},"values":{"type":["list","string"],"description_kind":"plain","required":true}},"description_kind":"plain"}},"not":{"nesting_mode":"list","block":{"attributes":{"host":{"type":["list","string"],"description_kind":"plain","optional":true},"method":{"type":["list","string"],"description_kind":"plain","optional":true},"path":{"type":["list","string"],"description_kind":"plain","optional":true}},"block_types":{"header":{"nesting_mode":"set","block":{"attributes":{"name":{"type":"string","description_kind":"plain","required":true},"values":{"type":["list","string"],"description_kind":"plain","required":true}},"description_kind":"plain"}},"query":{"nesting_mode":"set","block":{"attributes":{"name":{"type":"string","description_kind":"plain","required":true},"values":{"type":["list","string"],"description_kind":"plain","required":true}},"description_kind":"plain"}}},"description_kind":"plain"}},"query":{"nesting_mode":"set","block":{"attributes":{"name":{"type":"string","description_kind":"plain","required":true},"values":{"type":["list","string"],"description_kind":"plain","required":true}},"description_kind":"plain"}}},"description_kind":"plain"}}},"description_kind":"plain"}}},"description_kind":"plain"},"max_items":1},"templates":{"nesting_mode":"set","block":{"attributes":{"delimiters":{"type":["list","string"],"description_kind":"plain","optional":true},"file_root":{"type":"string","description_kind":"plain","optional":true},"mime_types":{"type":["list","string"],"description_kind":"plain","optional":true}},"description_kind":"plain"},"max_items":1}},"description_kind":"plain"}},"match":{"nesting_mode":"list","block":{"attributes":{"host":{"type":["list","string"],"description_kind":"plain","optional":true},"method":{"type":["list","string"],"description_kind":"plain","optional":true},"path":{"type":["list","string"],"description_kind":"plain","optional":true}},"block_types":{"header":{"nesting_mode":"set","block":{"attributes":{"name":{"type":"string","description_kind":"plain","required":true},"values":{"type":["list","string"],"description_kind":"plain","required":true}},"description_kind":"plain"}},"not":{"nesting_mode":"list","block":{"attributes":{"host":{"type":["list","string"],"description_kind":"plain","optional":true},"method":{"type":["list","string"],"description_kind":"plain","optional":true},"path":{"type":["list","string"],"description_kind":"plain","optional":true}},"block_types":{"header":{"nesting_mode":"set","block":{"attributes":{"name":{"type":"string","description_kind":"plain","required":true},"values":{"type":["list","string"],"description_kind":"plain","required":true}},"description_kind":"plain"}},"query":{"nesting_mode":"set","block":{"attributes":{"name":{"type":"string","description_kind":"plain","required":true},"values":{"type":["list","string"],"description_kind":"plain","required":true}},"description_kind":"plain"}}},"description_kind":"plain"}},"query":{"nesting_mode":"set","block":{"attributes":{"name":{"type":"string","description_kind":"plain","required":true},"values":{"type":["list","string"],"description_kind":"plain","required":true}},"description_kind":"plain"}}},"description_kind":"plain"}}},"description_kind":"plain"}},"route":{"nesting_mode":"list","block":{"attributes":{"group":{"type":"string","description_kind":"plain","optional":true},"terminal":{"type":"bool","description_kind":"plain","optional":true}},"block_types":{"handle":{"nesting_mode":"list","block":{"block_types":{"file_server":{"nesting_mode":"set","block":{"attributes":{"canonical_uris":{"type":"bool","description_kind":"plain","optional":true},"hide":{"type":["list","string"],"description_kind":"plain","optional":true},"index_names":{"type":["list","string"],"description_kind":"plain","optional":true},"pass_thru":{"type":"bool","description_kind":"plain","optional":true},"root":{"type":"string","description_kind":"plain","optional":true}},"description_kind":"plain"},"max_items":1},"request_body":{"nesting_mode":"set","block":{"attributes":{"max_size":{"type":"number","description_kind":"plain","required":true}},"description_kind":"plain"},"max_items":1},"reverse_proxy":{"nesting_mode":"set","block":{"block_types":{"upstream":{"nesting_mode":"list","block":{"attributes":{"dial":{"type":"string","description_kind":"plain","optional":true}},"description_kind":"plain"},"min_items":1}},"description_kind":"plain"},"max_items":1},"static_response":{"nesting_mode":"set","block":{"attributes":{"body":{"type":"string","description_kind":"plain","optional":true},"close":{"type":"bool","description_kind":"plain","optional":true},"status_code":{"type":"string","description_kind":"plain","optional":true}},"block_types":{"header":{"nesting_mode":"set","block":{"attributes":{"name":{"type":"string","description_kind":"plain","required":true},"values":{"type":["list","string"],"description_kind":"plain","required":true}},"description_kind":"plain"}}},"description_kind":"plain"},"max_items":1},"subroute":{"nesting_mode":"set","block":{"block_types":{"error":{"nesting_mode":"list","block":{"attributes":{"group":{"type":"string","description_kind":"plain","optional":true},"terminal":{"type":"bool","description_kind":"plain","optional":true}},"block_types":{"handle":{"nesting_mode":"list","block":{"block_types":{"file_server":{"nesting_mode":"set","block":{"attributes":{"canonical_uris":{"type":"bool","description_kind":"plain","optional":true},"hide":{"type":["list","string"],"description_kind":"plain","optional":true},"index_names":{"type":["list","string"],"description_kind":"plain","optional":true},"pass_thru":{"type":"bool","description_kind":"plain","optional":true},"root":{"type":"string","description_kind":"plain","optional":true}},"description_kind":"plain"},"max_items":1},"request_body":{"nesting_mode":"set","block":{"attributes":{"max_size":{"type":"number","description_kind":"plain","required":true}},"description_kind":"plain"},"max_items":1},"reverse_proxy":{"nesting_mode":"set","block":{"block_types":{"upstream":{"nesting_mode":"list","block":{"attributes":{"dial":{"type":"string","description_kind":"plain","optional":true}},"description_kind":"plain"},"min_items":1}},"description_kind":"plain"},"max_items":1},"static_response":{"nesting_mode":"set","block":{"attributes":{"body":{"type":"string","description_kind":"plain","optional":true},"close":{"type":"bool","description_kind":"plain","optional":true},"status_code":{"type":"string","description_kind":"plain","optional":true}},"block_types":{"header":{"nesting_mode":"set","block":{"attributes":{"name":{"type":"string","description_kind":"plain","required":true},"values":{"type":["list","string"],"description_kind":"plain","required":true}},"description_kind":"plain"}}},"description_kind":"plain"},"max_items":1},"subroute":{"nesting_mode":"set","block":{"block_types":{"error":{"nesting_mode":"list","block":{"attributes":{"group":{"type":"string","description_kind":"plain","optional":true},"terminal":{"type":"bool","description_kind":"plain","optional":true}},"block_types":{"handle":{"nesting_mode":"list","block":{"block_types":{"file_server":{"nesting_mode":"set","block":{"attributes":{"canonical_uris":{"type":"bool","description_kind":"plain","optional":true},"hide":{"type":["list","string"],"description_kind":"plain","optional":true},"index_names":{"type":["list","string"],"description_kind":"plain","optional":true},"pass_thru":{"type":"bool","description_kind":"plain","optional":true},"root":{"type":"string","description_kind":"plain","optional":true}},"description_kind":"plain"},"max_items":1},"request_body":{"nesting_mode":"set","block":{"attributes":{"max_size":{"type":"number","description_kind":"plain","required":true}},"description_kind":"plain"},"max_items":1},"reverse_proxy":{"nesting_mode":"set","block":{"block_types":{"upstream":{"nesting_mode":"list","block":{"attributes":{"dial":{"type":"string","description_kind":"plain","optional":true}},"description_kind":"plain"},"min_items":1}},"description_kind":"plain"},"max_items":1},"static_response":{"nesting_mode":"set","block":{"attributes":{"body":{"type":"string","description_kind":"plain","optional":true},"close":{"type":"bool","description_kind":"plain","optional":true},"status_code":{"type":"string","description_kind":"plain","optional":true}},"block_types":{"header":{"nesting_mode":"set","block":{"attributes":{"name":{"type":"string","description_kind":"plain","required":true},"values":{"type":["list","string"],"description_kind":"plain","required":true}},"description_kind":"plain"}}},"description_kind":"plain"},"max_items":1},"templates":{"nesting_mode":"set","block":{"attributes":{"delimiters":{"type":["list","string"],"description_kind":"plain","optional":true},"file_root":{"type":"string","description_kind":"plain","optional":true},"mime_types":{"type":["list","string"],"description_kind":"plain","optional":true}},"description_kind":"plain"},"max_items":1}},"description_kind":"plain"}},"match":{"nesting_mode":"list","block":{"attributes":{"host":{"type":["list","string"],"description_kind":"plain","optional":true},"method":{"type":["list","string"],"description_kind":"plain","optional":true},"path":{"type":["list","string"],"description_kind":"plain","optional":true}},"block_types":{"header":{"nesting_mode":"set","block":{"attributes":{"name":{"type":"string","description_kind":"plain","required":true},"values":{"type":["list","string"],"description_kind":"plain","required":true}},"description_kind":"plain"}},"not":{"nesting_mode":"list","block":{"attributes":{"host":{"type":["list","string"],"description_kind":"plain","optional":true},"method":{"type":["list","string"],"description_kind":"plain","optional":true},"path":{"type":["list","string"],"description_kind":"plain","optional":true}},"block_types":{"header":{"nesting_mode":"set","block":{"attributes":{"name":{"type":"string","description_kind":"plain","required":true},"values":{"type":["list","string"],"description_kind":"plain","required":true}},"description_kind":"plain"}},"query":{"nesting_mode":"set","block":{"attributes":{"name":{"type":"string","description_kind":"plain","required":true},"values":{"type":["list","string"],"description_kind":"plain","required":true}},"description_kind":"plain"}}},"description_kind":"plain"}},"query":{"nesting_mode":"set","block":{"attributes":{"name":{"type":"string","description_kind":"plain","required":true},"values":{"type":["list","string"],"description_kind":"plain","required":true}},"description_kind":"plain"}}},"description_kind":"plain"}}},"description_kind":"plain"}},"route":{"nesting_mode":"list","block":{"attributes":{"group":{"type":"string","description_kind":"plain","optional":true},"terminal":{"type":"bool","description_kind":"plain","optional":true}},"block_types":{"handle":{"nesting_mode":"list","block":{"block_types":{"file_server":{"nesting_mode":"set","block":{"attributes":{"canonical_uris":{"type":"bool","description_kind":"plain","optional":true},"hide":{"type":["list","string"],"description_kind":"plain","optional":true},"index_names":{"type":["list","string"],"description_kind":"plain","optional":true},"pass_thru":{"type":"bool","description_kind":"plain","optional":true},"root":{"type":"string","description_kind":"plain","optional":true}},"description_kind":"plain"},"max_items":1},"request_body":{"nesting_mode":"set","block":{"attributes":{"max_size":{"type":"number","description_kind":"plain","required":true}},"description_kind":"plain"},"max_items":1},"reverse_proxy":{"nesting_mode":"set","block":{"block_types":{"upstream":{"nesting_mode":"list","block":{"attributes":{"dial":{"type":"string","description_kind":"plain","optional":true}},"description_kind":"plain"},"min_items":1}},"description_kind":"plain"},"max_items":1},"static_response":{"nesting_mode":"set","block":{"attributes":{"body":{"type":"string","description_kind":"plain","optional":true},"close":{"type":"bool","description_kind":"plain","optional":true},"status_code":{"type":"string","description_kind":"plain","optional":true}},"block_types":{"header":{"nesting_mode":"set","block":{"attributes":{"name":{"type":"string","description_kind":"plain","required":true},"values":{"type":["list","string"],"description_kind":"plain","required":true}},"description_kind":"plain"}}},"description_kind":"plain"},"max_items":1},"templates":{"nesting_mode":"set","block":{"attributes":{"delimiters":{"type":["list","string"],"description_kind":"plain","optional":true},"file_root":{"type":"string","description_kind":"plain","optional":true},"mime_types":{"type":["list","string"],"description_kind":"plain","optional":true}},"description_kind":"plain"},"max_items":1}},"description_kind":"plain"}},"match":{"nesting_mode":"list","block":{"attributes":{"host":{"type":["list","string"],"description_kind":"plain","optional":true},"method":{"type":["list","string"],"description_kind":"plain","optional":true},"path":{"type":["list","string"],"description_kind":"plain","optional":true}},"block_types":{"header":{"nesting_mode":"set","block":{"attributes":{"name":{"type":"string","description_kind":"plain","required":true},"values":{"type":["list","string"],"description_kind":"plain","required":true}},"description_kind":"plain"}},"not":{"nesting_mode":"list","block":{"attributes":{"host":{"type":["list","string"],"description_kind":"plain","optional":true},"method":{"type":["list","string"],"description_kind":"plain","optional":true},"path":{"type":["list","string"],"description_kind":"plain","optional":true}},"block_types":{"header":{"nesting_mode":"set","block":{"attributes":{"name":{"type":"string","description_kind":"plain","required":true},"values":{"type":["list","string"],"description_kind":"plain","required":true}},"description_kind":"plain"}},"query":{"nesting_mode":"set","block":{"attributes":{"name":{"type":"string","description_kind":"plain","required":true},"values":{"type":["list","string"],"description_kind":"plain","required":true}},"description_kind":"plain"}}},"description_kind":"plain"}},"query":{"nesting_mode":"set","block":{"attributes":{"name":{"type":"string","description_kind":"plain","required":true},"values":{"type":["list","string"],"description_kind":"plain","required":true}},"description_kind":"plain"}}},"description_kind":"plain"}}},"description_kind":"plain"}}},"description_kind":"plain"},"max_items":1},"templates":{"nesting_mode":"set","block":{"attributes":{"delimiters":{"type":["list","string"],"description_kind":"plain","optional":true},"file_root":{"type":"string","description_kind":"plain","optional":true},"mime_types":{"type":["list","string"],"description_kind":"plain","optional":true}},"description_kind":"plain"},"max_items":1}},"description_kind":"plain"}},"match":{"nesting_mode":"list","block":{"attributes":{"host":{"type":["list","string"],"description_kind":"plain","optional":true},"method":{"type":["list","string"],"description_kind":"plain","optional":true},"path":{"type":["list","string"],"description_kind":"plain","optional":true}},"block_types":{"header":{"nesting_mode":"set","block":{"attributes":{"name":{"type":"string","description_kind":"plain","required":true},"values":{"type":["list","string"],"description_kind":"plain","required":true}},"description_kind":"plain"}},"not":{"nesting_mode":"list","block":{"attributes":{"host":{"type":["list","string"],"description_kind":"plain","optional":true},"method":{"type":["list","string"],"description_kind":"plain","optional":true},"path":{"type":["list","string"],"description_kind":"plain","optional":true}},"block_types":{"header":{"nesting_mode":"set","block":{"attributes":{"name":{"type":"string","description_kind":"plain","required":true},"values":{"type":["list","string"],"description_kind":"plain","required":true}},"description_kind":"plain"}},"query":{"nesting_mode":"set","block":{"attributes":{"name":{"type":"string","description_kind":"plain","required":true},"values":{"type":["list","string"],"description_kind":"plain","required":true}},"description_kind":"plain"}}},"description_kind":"plain"}},"query":{"nesting_mode":"set","block":{"attributes":{"name":{"type":"string","description_kind":"plain","required":true},"values":{"type":["list","string"],"description_kind":"plain","required":true}},"description_kind":"plain"}}},"description_kind":"plain"}}},"description_kind":"plain"}},"route":{"nesting_mode":"list","block":{"attributes":{"group":{"type":"string","description_kind":"plain","optional":true},"terminal":{"type":"bool","description_kind":"plain","optional":true}},"block_types":{"handle":{"nesting_mode":"list","block":{"block_types":{"file_server":{"nesting_mode":"set","block":{"attributes":{"canonical_uris":{"type":"bool","description_kind":"plain","optional":true},"hide":{"type":["list","string"],"description_kind":"plain","optional":true},"index_names":{"type":["list","string"],"description_kind":"plain","optional":true},"pass_thru":{"type":"bool","description_kind":"plain","optional":true},"root":{"type":"string","description_kind":"plain","optional":true}},"description_kind":"plain"},"max_items":1},"request_body":{"nesting_mode":"set","block":{"attributes":{"max_size":{"type":"number","description_kind":"plain","required":true}},"description_kind":"plain"},"max_items":1},"reverse_proxy":{"nesting_mode":"set","block":{"block_types":{"upstream":{"nesting_mode":"list","block":{"attributes":{"dial":{"type":"string","description_kind":"plain","optional":true}},"description_kind":"plain"},"min_items":1}},"description_kind":"plain"},"max_items":1},"static_response":{"nesting_mode":"set","block":{"attributes":{"body":{"type":"string","description_kind":"plain","optional":true},"close":{"type":"bool","description_kind":"plain","optional":true},"status_code":{"type":"string","description_kind":"plain","optional":true}},"block_types":{"header":{"nesting_mode":"set","block":{"attributes":{"name":{"type":"string","description_kind":"plain","required":true},"values":{"type":["list","string"],"description_kind":"plain","required":true}},"description_kind":"plain"}}},"description_kind":"plain"},"max_items":1},"subroute":{"nesting_mode":"set","block":{"block_types":{"error":{"nesting_mode":"list","block":{"attributes":{"group":{"type":"string","description_kind":"plain","optional":true},"terminal":{"type":"bool","description_kind":"plain","optional":true}},"block_types":{"handle":{"nesting_mode":"list","block":{"block_types":{"file_server":{"nesting_mode":"set","block":{"attributes":{"canonical_uris":{"type":"bool","description_kind":"plain","optional":true},"hide":{"type":["list","string"],"description_kind":"plain","optional":true},"index_names":{"type":["list","string"],"description_kind":"plain","optional":true},"pass_thru":{"type":"bool","description_kind":"plain","optional":true},"root":{"type":"string","description_kind":"plain","optional":true}},"description_kind":"plain"},"max_items":1},"request_body":{"nesting_mode":"set","block":{"attributes":{"max_size":{"type":"number","description_kind":"plain","required":true}},"description_kind":"plain"},"max_items":1},"reverse_proxy":{"nesting_mode":"set","block":{"block_types":{"upstream":{"nesting_mode":"list","block":{"attributes":{"dial":{"type":"string","description_kind":"plain","optional":true}},"description_kind":"plain"},"min_items":1}},"description_kind":"plain"},"max_items":1},"static_response":{"nesting_mode":"set","block":{"attributes":{"body":{"type":"string","description_kind":"plain","optional":true},"close":{"type":"bool","description_kind":"plain","optional":true},"status_code":{"type":"string","description_kind":"plain","optional":true}},"block_types":{"header":{"nesting_mode":"set","block":{"attributes":{"name":{"type":"string","description_kind":"plain","required":true},"values":{"type":["list","string"],"description_kind":"plain","required":true}},"description_kind":"plain"}}},"description_kind":"plain"},"max_items":1},"templates":{"nesting_mode":"set","block":{"attributes":{"delimiters":{"type":["list","string"],"description_kind":"plain","optional":true},"file_root":{"type":"string","description_kind":"plain","optional":true},"mime_types":{"type":["list","string"],"description_kind":"plain","optional":true}},"description_kind":"plain"},"max_items":1}},"description_kind":"plain"}},"match":{"nesting_mode":"list","block":{"attributes":{"host":{"type":["list","string"],"description_kind":"plain","optional":true},"method":{"type":["list","string"],"description_kind":"plain","optional":true},"path":{"type":["list","string"],"description_kind":"plain","optional":true}},"block_types":{"header":{"nesting_mode":"set","block":{"attributes":{"name":{"type":"string","description_kind":"plain","required":true},"values":{"type":["list","string"],"description_kind":"plain","required":true}},"description_kind":"plain"}},"not":{"nesting_mode":"list","block":{"attributes":{"host":{"type":["list","string"],"description_kind":"plain","optional":true},"method":{"type":["list","string"],"description_kind":"plain","optional":true},"path":{"type":["list","string"],"description_kind":"plain","optional":true}},"block_types":{"header":{"nesting_mode":"set","block":{"attributes":{"name":{"type":"string","description_kind":"plain","required":true},"values":{"type":["list","string"],"description_kind":"plain","required":true}},"description_kind":"plain"}},"query":{"nesting_mode":"set","block":{"attributes":{"name":{"type":"string","description_kind":"plain","required":true},"values":{"type":["list","string"],"description_kind":"plain","required":true}},"description_kind":"plain"}}},"description_kind":"plain"}},"query":{"nesting_mode":"set","block":{"attributes":{"name":{"type":"string","description_kind":"plain","required":true},"values":{"type":["list","string"],"description_kind":"plain","required":true}},"description_kind":"plain"}}},"description_kind":"plain"}}},"description_kind":"plain"}},"route":{"nesting_mode":"list","block":{"attributes":{"group":{"type":"string","description_kind":"plain","optional":true},"terminal":{"type":"bool","description_kind":"plain","optional":true}},"block_types":{"handle":{"nesting_mode":"list","block":{"block_types":{"file_server":{"nesting_mode":"set","block":{"attributes":{"canonical_uris":{"type":"bool","description_kind":"plain","optional":true},"hide":{"type":["list","string"],"description_kind":"plain","optional":true},"index_names":{"type":["list","string"],"description_kind":"plain","optional":true},"pass_thru":{"type":"bool","description_kind":"plain","optional":true},"root":{"type":"string","description_kind":"plain","optional":true}},"description_kind":"plain"},"max_items":1},"request_body":{"nesting_mode":"set","block":{"attributes":{"max_size":{"type":"number","description_kind":"plain","required":true}},"description_kind":"plain"},"max_items":1},"reverse_proxy":{"nesting_mode":"set","block":{"block_types":{"upstream":{"nesting_mode":"list","block":{"attributes":{"dial":{"type":"string","description_kind":"plain","optional":true}},"description_kind":"plain"},"min_items":1}},"description_kind":"plain"},"max_items":1},"static_response":{"nesting_mode":"set","block":{"attributes":{"body":{"type":"string","description_kind":"plain","optional":true},"close":{"type":"bool","description_kind":"plain","optional":true},"status_code":{"type":"string","description_kind":"plain","optional":true}},"block_types":{"header":{"nesting_mode":"set","block":{"attributes":{"name":{"type":"string","description_kind":"plain","required":true},"values":{"type":["list","string"],"description_kind":"plain","required":true}},"description_kind":"plain"}}},"description_kind":"plain"},"max_items":1},"templates":{"nesting_mode":"set","block":{"attributes":{"delimiters":{"type":["list","string"],"description_kind":"plain","optional":true},"file_root":{"type":"string","description_kind":"plain","optional":true},"mime_types":{"type":["list","string"],"description_kind":"plain","optional":true}},"description_kind":"plain"},"max_items":1}},"description_kind":"plain"}},"match":{"nesting_mode":"list","block":{"attributes":{"host":{"type":["list","string"],"description_kind":"plain","optional":true},"method":{"type":["list","string"],"description_kind":"plain","optional":true},"path":{"type":["list","string"],"description_kind":"plain","optional":true}},"block_types":{"header":{"nesting_mode":"set","block":{"attributes":{"name":{"type":"string","description_kind":"plain","required":true},"values":{"type":["list","string"],"description_kind":"plain","required":true}},"description_kind":"plain"}},"not":{"nesting_mode":"list","block":{"attributes":{"host":{"type":["list","string"],"description_kind":"plain","optional":true},"method":{"type":["list","string"],"description_kind":"plain","optional":true},"path":{"type":["list","string"],"description_kind":"plain","optional":true}},"block_types":{"header":{"nesting_mode":"set","block":{"attributes":{"name":{"type":"string","description_kind":"plain","required":true},"values":{"type":["list","string"],"description_kind":"plain","required":true}},"description_kind":"plain"}},"query":{"nesting_mode":"set","block":{"attributes":{"name":{"type":"string","description_kind":"plain","required":true},"values":{"type":["list","string"],"description_kind":"plain","required":true}},"description_kind":"plain"}}},"description_kind":"plain"}},"query":{"nesting_mode":"set","block":{"attributes":{"name":{"type":"string","description_kind":"plain","required":true},"values":{"type":["list","string"],"description_kind":"plain","required":true}},"description_kind":"plain"}}},"description_kind":"plain"}}},"description_kind":"plain"}}},"description_kind":"plain"},"max_items":1},"templates":{"nesting_mode":"set","block":{"attributes":{"delimiters":{"type":["list","string"],"description_kind":"plain","optional":true},"file_root":{"type":"string","description_kind":"plain","optional":true},"mime_types":{"type":["list","string"],"description_kind":"plain","optional":true}},"description_kind":"plain"},"max_items":1}},"description_kind":"plain"}},"match":{"nesting_mode":"list","block":{"attributes":{"host":{"type":["list","string"],"description_kind":"plain","optional":true},"method":{"type":["list","string"],"description_kind":"plain","optional":true},"path":{"type":["list","string"],"description_kind":"plain","optional":true}},"block_types":{"header":{"nesting_mode":"set","block":{"attributes":{"name":{"type":"string","description_kind":"plain","required":true},"values":{"type":["list","string"],"description_kind":"plain","required":true}},"description_kind":"plain"}},"not":{"nesting_mode":"list","block":{"attributes":{"host":{"type":["list","string"],"description_kind":"plain","optional":true},"method":{"type":["list","string"],"description_kind":"plain","optional":true},"path":{"type":["list","string"],"description_kind":"plain","optional":true}},"block_types":{"header":{"nesting_mode":"set","block":{"attributes":{"name":{"type":"string","description_kind":"plain","required":true},"values":{"type":["list","string"],"description_kind":"plain","required":true}},"description_kind":"plain"}},"query":{"nesting_mode":"set","block":{"attributes":{"name":{"type":"string","description_kind":"plain","required":true},"values":{"type":["list","string"],"description_kind":"plain","required":true}},"description_kind":"plain"}}},"description_kind":"plain"}},"query":{"nesting_mode":"set","block":{"attributes":{"name":{"type":"string","description_kind":"plain","required":true},"values":{"type":["list","string"],"description_kind":"plain","required":true}},"description_kind":"plain"}}},"description_kind":"plain"}}},"description_kind":"plain"}}},"description_kind":"plain"},"max_items":1},"templates":{"nesting_mode":"set","block":{"attributes":{"delimiters":{"type":["list","string"],"description_kind":"plain","optional":true},"file_root":{"type":"string","description_kind":"plain","optional":true},"mime_types":{"type":["list","string"],"description_kind":"plain","optional":true}},"description_kind":"plain"},"max_items":1}},"description_kind":"plain"}},"match":{"nesting_mode":"list","block":{"attributes":{"host":{"type":["list","string"],"description_kind":"plain","optional":true},"method":{"type":["list","string"],"description_kind":"plain","optional":true},"path":{"type":["list","string"],"description_kind":"plain","optional":true}},"block_types":{"header":{"nesting_mode":"set","block":{"attributes":{"name":{"type":"string","description_kind":"plain","required":true},"values":{"type":["list","string"],"description_kind":"plain","required":true}},"description_kind":"plain"}},"not":{"nesting_mode":"list","block":{"attributes":{"host":{"type":["list","string"],"description_kind":"plain","optional":true},"method":{"type":["list","string"],"description_kind":"plain","optional":true},"path":{"type":["list","string"],"description_kind":"plain","optional":true}},"block_types":{"header":{"nesting_mode":"set","block":{"attributes":{"name":{"type":"string","description_kind":"plain","required":true},"values":{"type":["list","string"],"description_kind":"plain","required":true}},"description_kind":"plain"}},"query":{"nesting_mode":"set","block":{"attributes":{"name":{"type":"string","description_kind":"plain","required":true},"values":{"type":["list","string"],"description_kind":"plain","required":true}},"description_kind":"plain"}}},"description_kind":"plain"}},"query":{"nesting_mode":"set","block":{"attributes":{"name":{"type":"string","description_kind":"plain","required":true},"values":{"type":["list","string"],"description_kind":"plain","required":true}},"description_kind":"plain"}}},"description_kind":"plain"}}},"description_kind":"plain"}}},"description_kind":"plain"},"max_items":1},"templates":{"nesting_mode":"set","block":{"attributes":{"delimiters":{"type":["list","string"],"description_kind":"plain","optional":true},"file_root":{"type":"string","description_kind":"plain","optional":true},"mime_types":{"type":["list","string"],"description_kind":"plain","optional":true}},"description_kind":"plain"},"max_items":1}},"description_kind":"plain"}},"match":{"nesting_mode":"list","block":{"attributes":{"host":{"type":["list","string"],"description_kind":"plain","optional":true},"method":{"type":["list","string"],"description_kind":"plain","optional":true},"path":{"type":["list","string"],"description_kind":"plain","optional":true}},"block_types":{"header":{"nesting_mode":"set","block":{"attributes":{"name":{"type":"string","description_kind":"plain","required":true},"values":{"type":["list","string"],"description_kind":"plain","required":true}},"description_kind":"plain"}},"not":{"nesting_mode":"list","block":{"attributes":{"host":{"type":["list","string"],"description_kind":"plain","optional":true},"method":{"type":["list","string"],"description_kind":"plain","optional":true},"path":{"type":["list","string"],"description_kind":"plain","optional":true}},"block_types":{"header":{"nesting_mode":"set","block":{"attributes":{"name":{"type":"string","description_kind":"plain","required":true},"values":{"type":["list","string"],"description_kind":"plain","required":true}},"description_kind":"plain"}},"query":{"nesting_mode":"set","block":{"attributes":{"name":{"type":"string","description_kind":"plain","required":true},"values":{"type":["list","string"],"description_kind":"plain","required":true}},"description_kind":"plain"}}},"description_kind":"plain"}},"query":{"nesting_mode":"set","block":{"attributes":{"name":{"type":"string","description_kind":"plain","required":true},"values":{"type":["list","string"],"description_kind":"plain","required":true}},"description_kind":"plain"}}},"description_kind":"plain"}}},"description_kind":"plain"}}},"description_kind":"plain"},"max_items":1},"templates":{"nesting_mode":"set","block":{"attributes":{"delimiters":{"type":["list","string"],"description_kind":"plain","optional":true},"file_root":{"type":"string","description_kind":"plain","optional":true},"mime_types":{"type":["list","string"],"description_kind":"plain","optional":true}},"description_kind":"plain"},"max_items":1}},"description_kind":"plain"}},"match":{"nesting_mode":"list","block":{"attributes":{"host":{"type":["list","string"],"description_kind":"plain","optional":true},"method":{"type":["list","string"],"description_kind":"plain","optional":true},"path":{"type":["list","string"],"description_kind":"plain","optional":true}},"block_types":{"header":{"nesting_mode":"set","block":{"attributes":{"name":{"type":"string","description_kind":"plain","required":true},"values":{"type":["list","string"],"description_kind":"plain","required":true}},"description_kind":"plain"}},"not":{"nesting_mode":"list","block":{"attributes":{"host":{"type":["list","string"],"description_kind":"plain","optional":true},"method":{"type":["list","string"],"description_kind":"plain","optional":true},"path":{"type":["list","string"],"description_kind":"plain","optional":true}},"block_types":{"header":{"nesting_mode":"set","block":{"attributes":{"name":{"type":"string","description_kind":"plain","required":true},"values":{"type":["list","string"],"description_kind":"plain","required":true}},"description_kind":"plain"}},"query":{"nesting_mode":"set","block":{"attributes":{"name":{"type":"string","description_kind":"plain","required":true},"values":{"type":["list","string"],"description_kind":"plain","required":true}},"description_kind":"plain"}}},"description_kind":"plain"}},"query":{"nesting_mode":"set","block":{"attributes":{"name":{"type":"string","description_kind":"plain","required":true},"values":{"type":["list","string"],"description_kind":"plain","required":true}},"description_kind":"plain"}}},"description_kind":"plain"}}},"description_kind":"plain"}},"route":{"nesting_mode":"list","block":{"attributes":{"group":{"type":"string","description_kind":"plain","optional":true},"terminal":{"type":"bool","description_kind":"plain","optional":true}},"block_types":{"handle":{"nesting_mode":"list","block":{"block_types":{"file_server":{"nesting_mode":"set","block":{"attributes":{"canonical_uris":{"type":"bool","description_kind":"plain","optional":true},"hide":{"type":["list","string"],"description_kind":"plain","optional":true},"index_names":{"type":["list","string"],"description_kind":"plain","optional":true},"pass_thru":{"type":"bool","description_kind":"plain","optional":true},"root":{"type":"string","description_kind":"plain","optional":true}},"description_kind":"plain"},"max_items":1},"request_body":{"nesting_mode":"set","block":{"attributes":{"max_size":{"type":"number","description_kind":"plain","required":true}},"description_kind":"plain"},"max_items":1},"reverse_proxy":{"nesting_mode":"set","block":{"block_types":{"upstream":{"nesting_mode":"list","block":{"attributes":{"dial":{"type":"string","description_kind":"plain","optional":true}},"description_kind":"plain"},"min_items":1}},"description_kind":"plain"},"max_items":1},"static_response":{"nesting_mode":"set","block":{"attributes":{"body":{"type":"string","description_kind":"plain","optional":true},"close":{"type":"bool","description_kind":"plain","optional":true},"status_code":{"type":"string","description_kind":"plain","optional":true}},"block_types":{"header":{"nesting_mode":"set","block":{"attributes":{"name":{"type":"string","description_kind":"plain","required":true},"values":{"type":["list","string"],"description_kind":"plain","required":true}},"description_kind":"plain"}}},"description_kind":"plain"},"max_items":1},"subroute":{"nesting_mode":"set","block":{"block_types":{"error":{"nesting_mode":"list","block":{"attributes":{"group":{"type":"string","description_kind":"plain","optional":true},"terminal":{"type":"bool","description_kind":"plain","optional":true}},"block_types":{"handle":{"nesting_mode":"list","block":{"block_types":{"file_server":{"nesting_mode":"set","block":{"attributes":{"canonical_uris":{"type":"bool","description_kind":"plain","optional":true},"hide":{"type":["list","string"],"description_kind":"plain","optional":true},"index_names":{"type":["list","string"],"description_kind":"plain","optional":true},"pass_thru":{"type":"bool","description_kind":"plain","optional":true},"root":{"type":"string","description_kind":"plain","optional":true}},"description_kind":"plain"},"max_items":1},"request_body":{"nesting_mode":"set","block":{"attributes":{"max_size":{"type":"number","description_kind":"plain","required":true}},"description_kind":"plain"},"max_items":1},"reverse_proxy":{"nesting_mode":"set","block":{"block_types":{"upstream":{"nesting_mode":"list","block":{"attributes":{"dial":{"type":"string","description_kind":"plain","optional":true}},"description_kind":"plain"},"min_items":1}},"description_kind":"plain"},"max_items":1},"static_response":{"nesting_mode":"set","block":{"attributes":{"body":{"type":"string","description_kind":"plain","optional":true},"close":{"type":"bool","description_kind":"plain","optional":true},"status_code":{"type":"string","description_kind":"plain","optional":true}},"block_types":{"header":{"nesting_mode":"set","block":{"attributes":{"name":{"type":"string","description_kind":"plain","required":true},"values":{"type":["list","string"],"description_kind":"plain","required":true}},"description_kind":"plain"}}},"description_kind":"plain"},"max_items":1},"subroute":{"nesting_mode":"set","block":{"block_types":{"error":{"nesting_mode":"list","block":{"attributes":{"group":{"type":"string","description_kind":"plain","optional":true},"terminal":{"type":"bool","description_kind":"plain","optional":true}},"block_types":{"handle":{"nesting_mode":"list","block":{"block_types":{"file_server":{"nesting_mode":"set","block":{"attributes":{"canonical_uris":{"type":"bool","description_kind":"plain","optional":true},"hide":{"type":["list","string"],"description_kind":"plain","optional":true},"index_names":{"type":["list","string"],"description_kind":"plain","optional":true},"pass_thru":{"type":"bool","description_kind":"plain","optional":true},"root":{"type":"string","description_kind":"plain","optional":true}},"description_kind":"plain"},"max_items":1},"request_body":{"nesting_mode":"set","block":{"attributes":{"max_size":{"type":"number","description_kind":"plain","required":true}},"description_kind":"plain"},"max_items":1},"reverse_proxy":{"nesting_mode":"set","block":{"block_types":{"upstream":{"nesting_mode":"list","block":{"attributes":{"dial":{"type":"string","description_kind":"plain","optional":true}},"description_kind":"plain"},"min_items":1}},"description_kind":"plain"},"max_items":1},"static_response":{"nesting_mode":"set","block":{"attributes":{"body":{"type":"string","description_kind":"plain","optional":true},"close":{"type":"bool","description_kind":"plain","optional":true},"status_code":{"type":"string","description_kind":"plain","optional":true}},"block_types":{"header":{"nesting_mode":"set","block":{"attributes":{"name":{"type":"string","description_kind":"plain","required":true},"values":{"type":["list","string"],"description_kind":"plain","required":true}},"description_kind":"plain"}}},"description_kind":"plain"},"max_items":1},"subroute":{"nesting_mode":"set","block":{"block_types":{"error":{"nesting_mode":"list","block":{"attributes":{"group":{"type":"string","description_kind":"plain","optional":true},"terminal":{"type":"bool","description_kind":"plain","optional":true}},"block_types":{"handle":{"nesting_mode":"list","block":{"block_types":{"file_server":{"nesting_mode":"set","block":{"attributes":{"canonical_uris":{"type":"bool","description_kind":"plain","optional":true},"hide":{"type":["list","string"],"description_kind":"plain","optional":true},"index_names":{"type":["list","string"],"description_kind":"plain","optional":true},"pass_thru":{"type":"bool","description_kind":"plain","optional":true},"root":{"type":"string","description_kind":"plain","optional":true}},"description_kind":"plain"},"max_items":1},"request_body":{"nesting_mode":"set","block":{"attributes":{"max_size":{"type":"number","description_kind":"plain","required":true}},"description_kind":"plain"},"max_items":1},"reverse_proxy":{"nesting_mode":"set","block":{"block_types":{"upstream":{"nesting_mode":"list","block":{"attributes":{"dial":{"type":"string","description_kind":"plain","optional":true}},"description_kind":"plain"},"min_items":1}},"description_kind":"plain"},"max_items":1},"static_response":{"nesting_mode":"set","block":{"attributes":{"body":{"type":"string","description_kind":"plain","optional":true},"close":{"type":"bool","description_kind":"plain","optional":true},"status_code":{"type":"string","description_kind":"plain","optional":true}},"block_types":{"header":{"nesting_mode":"set","block":{"attributes":{"name":{"type":"string","description_kind":"plain","required":true},"values":{"type":["list","string"],"description_kind":"plain","required":true}},"description_kind":"plain"}}},"description_kind":"plain"},"max_items":1},"subroute":{"nesting_mode":"set","block":{"block_types":{"error":{"nesting_mode":"list","block":{"attributes":{"group":{"type":"string","description_kind":"plain","optional":true},"terminal":{"type":"bool","description_kind":"plain","optional":true}},"block_types":{"handle":{"nesting_mode":"list","block":{"block_types":{"file_server":{"nesting_mode":"set","block":{"attributes":{"canonical_uris":{"type":"bool","description_kind":"plain","optional":true},"hide":{"type":["list","string"],"description_kind":"plain","optional":true},"index_names":{"type":["list","string"],"description_kind":"plain","optional":true},"pass_thru":{"type":"bool","description_kind":"plain","optional":true},"root":{"type":"string","description_kind":"plain","optional":true}},"description_kind":"plain"},"max_items":1},"request_body":{"nesting_mode":"set","block":{"attributes":{"max_size":{"type":"number","description_kind":"plain","required":true}},"description_kind":"plain"},"max_items":1},"reverse_proxy":{"nesting_mode":"set","block":{"block_types":{"upstream":{"nesting_mode":"list","block":{"attributes":{"dial":{"type":"string","description_kind":"plain","optional":true}},"description_kind":"plain"},"min_items":1}},"description_kind":"plain"},"max_items":1},"static_response":{"nesting_mode":"set","block":{"attributes":{"body":{"type":"string","description_kind":"plain","optional":true},"close":{"type":"bool","description_kind":"plain","optional":true},"status_code":{"type":"string","description_kind":"plain","optional":true}},"block_types":{"header":{"nesting_mode":"set","block":{"attributes":{"name":{"type":"string","description_kind":"plain","required":true},"values":{"type":["list","string"],"description_kind":"plain","required":true}},"description_kind":"plain"}}},"description_kind":"plain"},"max_items":1},"templates":{"nesting_mode":"set","block":{"attributes":{"delimiters":{"type":["list","string"],"description_kind":"plain","optional":true},"file_root":{"type":"string","description_kind":"plain","optional":true},"mime_types":{"type":["list","string"],"description_kind":"plain","optional":true}},"description_kind":"plain"},"max_items":1}},"description_kind":"plain"}},"match":{"nesting_mode":"list","block":{"attributes":{"host":{"type":["list","string"],"description_kind":"plain","optional":true},"method":{"type":["list","string"],"description_kind":"plain","optional":true},"path":{"type":["list","string"],"description_kind":"plain","optional":true}},"block_types":{"header":{"nesting_mode":"set","block":{"attributes":{"name":{"type":"string","description_kind":"plain","required":true},"values":{"type":["list","string"],"description_kind":"plain","required":true}},"description_kind":"plain"}},"not":{"nesting_mode":"list","block":{"attributes":{"host":{"type":["list","string"],"description_kind":"plain","optional":true},"method":{"type":["list","string"],"description_kind":"plain","optional":true},"path":{"type":["list","string"],"description_kind":"plain","optional":true}},"block_types":{"header":{"nesting_mode":"set","block":{"attributes":{"name":{"type":"string","description_kind":"plain","required":true},"values":{"type":["list","string"],"description_kind":"plain","required":true}},"description_kind":"plain"}},"query":{"nesting_mode":"set","block":{"attributes":{"name":{"type":"string","description_kind":"plain","required":true},"values":{"type":["list","string"],"description_kind":"plain","required":true}},"description_kind":"plain"}}},"description_kind":"plain"}},"query":{"nesting_mode":"set","block":{"attributes":{"name":{"type":"string","description_kind":"plain","required":true},"values":{"type":["list","string"],"description_kind":"plain","required":true}},"description_kind":"plain"}}},"description_kind":"plain"}}},"description_kind":"plain"}},"route":{"nesting_mode":"list","block":{"attributes":{"group":{"type":"string","description_kind":"plain","optional":true},"terminal":{"type":"bool","description_kind":"plain","optional":true}},"block_types":{"handle":{"nesting_mode":"list","block":{"block_types":{"file_server":{"nesting_mode":"set","block":{"attributes":{"canonical_uris":{"type":"bool","description_kind":"plain","optional":true},"hide":{"type":["list","string"],"description_kind":"plain","optional":true},"index_names":{"type":["list","string"],"description_kind":"plain","optional":true},"pass_thru":{"type":"bool","description_kind":"plain","optional":true},"root":{"type":"string","description_kind":"plain","optional":true}},"description_kind":"plain"},"max_items":1},"request_body":{"nesting_mode":"set","block":{"attributes":{"max_size":{"type":"number","description_kind":"plain","required":true}},"description_kind":"plain"},"max_items":1},"reverse_proxy":{"nesting_mode":"set","block":{"block_types":{"upstream":{"nesting_mode":"list","block":{"attributes":{"dial":{"type":"string","description_kind":"plain","optional":true}},"description_kind":"plain"},"min_items":1}},"description_kind":"plain"},"max_items":1},"static_response":{"nesting_mode":"set","block":{"attributes":{"body":{"type":"string","description_kind":"plain","optional":true},"close":{"type":"bool","description_kind":"plain","optional":true},"status_code":{"type":"string","description_kind":"plain","optional":true}},"block_types":{"header":{"nesting_mode":"set","block":{"attributes":{"name":{"type":"string","description_kind":"plain","required":true},"values":{"type":["list","string"],"description_kind":"plain","required":true}},"description_kind":"plain"}}},"description_kind":"plain"},"max_items":1},"templates":{"nesting_mode":"set","block":{"attributes":{"delimiters":{"type":["list","string"],"description_kind":"plain","optional":true},"file_root":{"type":"string","description_kind":"plain","optional":true},"mime_types":{"type":["list","string"],"description_kind":"plain","optional":true}},"description_kind":"plain"},"max_items":1}},"description_kind":"plain"}},"match":{"nesting_mode":"list","block":{"attributes":{"host":{"type":["list","string"],"description_kind":"plain","optional":true},"method":{"type":["list","string"],"description_kind":"plain","optional":true},"path":{"type":["list","string"],"description_kind":"plain","optional":true}},"block_types":{"header":{"nesting_mode":"set","block":{"attributes":{"name":{"type":"string","description_kind":"plain","required":true},"values":{"type":["list","string"],"description_kind":"plain","required":true}},"description_kind":"plain"}},"not":{"nesting_mode":"list","block":{"attributes":{"host":{"type":["list","string"],"description_kind":"plain","optional":true},"method":{"type":["list","string"],"description_kind":"plain","optional":true},"path":{"type":["list","string"],"description_kind":"plain","optional":true}},"block_types":{"header":{"nesting_mode":"set","block":{"attributes":{"name":{"type":"string","description_kind":"plain","required":true},"values":{"type":["list","string"],"description_kind":"plain","required":true}},"description_kind":"plain"}},"query":{"nesting_mode":"set","block":{"attributes":{"name":{"type":"string","description_kind":"plain","required":true},"values":{"type":["list","string"],"description_kind":"plain","required":true}},"description_kind":"plain"}}},"description_kind":"plain"}},"query":{"nesting_mode":"set","block":{"attributes":{"name":{"type":"string","description_kind":"plain","required":true},"values":{"type":["list","string"],"description_kind":"plain","required":true}},"description_kind":"plain"}}},"description_kind":"plain"}}},"description_kind":"plain"}}},"description_kind":"plain"},"max_items":1},"templates":{"nesting_mode":"set","block":{"attributes":{"delimiters":{"type":["list","string"],"description_kind":"plain","optional":true},"file_root":{"type":"string","description_kind":"plain","optional":true},"mime_types":{"type":["list","string"],"description_kind":"plain","optional":true}},"description_kind":"plain"},"max_items":1}},"description_kind":"plain"}},"match":{"nesting_mode":"list","block":{"attributes":{"host":{"type":["list","string"],"description_kind":"plain","optional":true},"method":{"type":["list","string"],"description_kind":"plain","optional":true},"path":{"type":["list","string"],"description_kind":"plain","optional":true}},"block_types":{"header":{"nesting_mode":"set","block":{"attributes":{"name":{"type":"string","description_kind":"plain","required":true},"values":{"type":["list","string"],"description_kind":"plain","required":true}},"description_kind":"plain"}},"not":{"nesting_mode":"list","block":{"attributes":{"host":{"type":["list","string"],"description_kind":"plain","optional":true},"method":{"type":["list","string"],"description_kind":"plain","optional":true},"path":{"type":["list","string"],"description_kind":"plain","optional":true}},"block_types":{"header":{"nesting_mode":"set","block":{"attributes":{"name":{"type":"string","description_kind":"plain","required":true},"values":{"type":["list","string"],"description_kind":"plain","required":true}},"description_kind":"plain"}},"query":{"nesting_mode":"set","block":{"attributes":{"name":{"type":"string","description_kind":"plain","required":true},"values":{"type":["list","string"],"description_kind":"plain","required":true}},"description_kind":"plain"}}},"description_kind":"plain"}},"query":{"nesting_mode":"set","block":{"attributes":{"name":{"type":"string","description_kind":"plain","required":true},"values":{"type":["list","string"],"description_kind":"plain","required":true}},"description_kind":"plain"}}},"description_kind":"plain"}}},"description_kind":"plain"}},"route":{"nesting_mode":"list","block":{"attributes":{"group":{"type":"string","description_kind":"plain","optional":true},"terminal":{"type":"bool","description_kind":"plain","optional":true}},"block_types":{"handle":{"nesting_mode":"list","block":{"block_types":{"file_server":{"nesting_mode":"set","block":{"attributes":{"canonical_uris":{"type":"bool","description_kind":"plain","optional":true},"hide":{"type":["list","string"],"description_kind":"plain","optional":true},"index_names":{"type":["list","string"],"description_kind":"plain","optional":true},"pass_thru":{"type":"bool","description_kind":"plain","optional":true},"root":{"type":"string","description_kind":"plain","optional":true}},"description_kind":"plain"},"max_items":1},"request_body":{"nesting_mode":"set","block":{"attributes":{"max_size":{"type":"number","description_kind":"plain","required":true}},"description_kind":"plain"},"max_items":1},"reverse_proxy":{"nesting_mode":"set","block":{"block_types":{"upstream":{"nesting_mode":"list","block":{"attributes":{"dial":{"type":"string","description_kind":"plain","optional":true}},"description_kind":"plain"},"min_items":1}},"description_kind":"plain"},"max_items":1},"static_response":{"nesting_mode":"set","block":{"attributes":{"body":{"type":"string","description_kind":"plain","optional":true},"close":{"type":"bool","description_kind":"plain","optional":true},"status_code":{"type":"string","description_kind":"plain","optional":true}},"block_types":{"header":{"nesting_mode":"set","block":{"attributes":{"name":{"type":"string","description_kind":"plain","required":true},"values":{"type":["list","string"],"description_kind":"plain","required":true}},"description_kind":"plain"}}},"description_kind":"plain"},"max_items":1},"subroute":{"nesting_mode":"set","block":{"block_types":{"error":{"nesting_mode":"list","block":{"attributes":{"group":{"type":"string","description_kind":"plain","optional":true},"terminal":{"type":"bool","description_kind":"plain","optional":true}},"block_types":{"handle":{"nesting_mode":"list","block":{"block_types":{"file_server":{"nesting_mode":"set","block":{"attributes":{"canonical_uris":{"type":"bool","description_kind":"plain","optional":true},"hide":{"type":["list","string"],"description_kind":"plain","optional":true},"index_names":{"type":["list","string"],"description_kind":"plain","optional":true},"pass_thru":{"type":"bool","description_kind":"plain","optional":true},"root":{"type":"string","description_kind":"plain","optional":true}},"description_kind":"plain"},"max_items":1},"request_body":{"nesting_mode":"set","block":{"attributes":{"max_size":{"type":"number","description_kind":"plain","required":true}},"description_kind":"plain"},"max_items":1},"reverse_proxy":{"nesting_mode":"set","block":{"block_types":{"upstream":{"nesting_mode":"list","block":{"attributes":{"dial":{"type":"string","description_kind":"plain","optional":true}},"description_kind":"plain"},"min_items":1}},"description_kind":"plain"},"max_items":1},"static_response":{"nesting_mode":"set","block":{"attributes":{"body":{"type":"string","description_kind":"plain","optional":true},"close":{"type":"bool","description_kind":"plain","optional":true},"status_code":{"type":"string","description_kind":"plain","optional":true}},"block_types":{"header":{"nesting_mode":"set","block":{"attributes":{"name":{"type":"string","description_kind":"plain","required":true},"values":{"type":["list","string"],"description_kind":"plain","required":true}},"description_kind":"plain"}}},"description_kind":"plain"},"max_items":1},"templates":{"nesting_mode":"set","block":{"attributes":{"delimiters":{"type":["list","string"],"description_kind":"plain","optional":true},"file_root":{"type":"string","description_kind":"plain","optional":true},"mime_types":{"type":["list","string"],"description_kind":"plain","optional":true}},"description_kind":"plain"},"max_items":1}},"description_kind":"plain"}},"match":{"nesting_mode":"list","block":{"attributes":{"host":{"type":["list","string"],"description_kind":"plain","optional":true},"method":{"type":["list","string"],"description_kind":"plain","optional":true},"path":{"type":["list","string"],"description_kind":"plain","optional":true}},"block_types":{"header":{"nesting_mode":"set","block":{"attributes":{"name":{"type":"string","description_kind":"plain","required":true},"values":{"type":["list","string"],"description_kind":"plain","required":true}},"description_kind":"plain"}},"not":{"nesting_mode":"list","block":{"attributes":{"host":{"type":["list","string"],"description_kind":"plain","optional":true},"method":{"type":["list","string"],"description_kind":"plain","optional":true},"path":{"type":["list","string"],"description_kind":"plain","optional":true}},"block_types":{"header":{"nesting_mode":"set","block":{"attributes":{"name":{"type":"string","description_kind":"plain","required":true},"values":{"type":["list","string"],"description_kind":"plain","required":true}},"description_kind":"plain"}},"query":{"nesting_mode":"set","block":{"attributes":{"name":{"type":"string","description_kind":"plain","required":true},"values":{"type":["list","string"],"description_kind":"plain","required":true}},"description_kind":"plain"}}},"description_kind":"plain"}},"query":{"nesting_mode":"set","block":{"attributes":{"name":{"type":"string","description_kind":"plain","required":true},"values":{"type":["list","string"],"description_kind":"plain","required":true}},"description_kind":"plain"}}},"description_kind":"plain"}}},"description_kind":"plain"}},"route":{"nesting_mode":"list","block":{"attributes":{"group":{"type":"string","description_kind":"plain","optional":true},"terminal":{"type":"bool","description_kind":"plain","optional":true}},"block_types":{"handle":{"nesting_mode":"list","block":{"block_types":{"file_server":{"nesting_mode":"set","block":{"attributes":{"canonical_uris":{"type":"bool","description_kind":"plain","optional":true},"hide":{"type":["list","string"],"description_kind":"plain","optional":true},"index_names":{"type":["list","string"],"description_kind":"plain","optional":true},"pass_thru":{"type":"bool","description_kind":"plain","optional":true},"root":{"type":"string","description_kind":"plain","optional":true}},"description_kind":"plain"},"max_items":1},"request_body":{"nesting_mode":"set","block":{"attributes":{"max_size":{"type":"number","description_kind":"plain","required":true}},"description_kind":"plain"},"max_items":1},"reverse_proxy":{"nesting_mode":"set","block":{"block_types":{"upstream":{"nesting_mode":"list","block":{"attributes":{"dial":{"type":"string","description_kind":"plain","optional":true}},"description_kind":"plain"},"min_items":1}},"description_kind":"plain"},"max_items":1},"static_response":{"nesting_mode":"set","block":{"attributes":{"body":{"type":"string","description_kind":"plain","optional":true},"close":{"type":"bool","description_kind":"plain","optional":true},"status_code":{"type":"string","description_kind":"plain","optional":true}},"block_types":{"header":{"nesting_mode":"set","block":{"attributes":{"name":{"type":"string","description_kind":"plain","required":true},"values":{"type":["list","string"],"description_kind":"plain","required":true}},"description_kind":"plain"}}},"description_kind":"plain"},"max_items":1},"templates":{"nesting_mode":"set","block":{"attributes":{"delimiters":{"type":["list","string"],"description_kind":"plain","optional":true},"file_root":{"type":"string","description_kind":"plain","optional":true},"mime_types":{"type":["list","string"],"description_kind":"plain","optional":true}},"description_kind":"plain"},"max_items":1}},"description_kind":"plain"}},"match":{"nesting_mode":"list","block":{"attributes":{"host":{"type":["list","string"],"description_kind":"plain","optional":true},"method":{"type":["list","string"],"description_kind":"plain","optional":true},"path":{"type":["list","string"],"description_kind":"plain","optional":true}},"block_types":{"header":{"nesting_mode":"set","block":{"attributes":{"name":{"type":"string","description_kind":"plain","required":true},"values":{"type":["list","string"],"description_kind":"plain","required":true}},"description_kind":"plain"}},"not":{"nesting_mode":"list","block":{"attributes":{"host":{"type":["list","string"],"description_kind":"plain","optional":true},"method":{"type":["list","string"],"description_kind":"plain","optional":true},"path":{"type":["list","string"],"description_kind":"plain","optional":true}},"block_types":{"header":{"nesting_mode":"set","block":{"attributes":{"name":{"type":"string","description_kind":"plain","required":true},"values":{"type":["list","string"],"description_kind":"plain","required":true}},"description_kind":"plain"}},"query":{"nesting_mode":"set","block":{"attributes":{"name":{"type":"string","description_kind":"plain","required":true},"values":{"type":["list","string"],"description_kind":"plain","required":true}},"description_kind":"plain"}}},"description_kind":"plain"}},"query":{"nesting_mode":"set","block":{"attributes":{"name":{"type":"string","description_kind":"plain","required":true},"values":{"type":["list","string"],"description_kind":"plain","required":true}},"description_kind":"plain"}}},"description_kind":"plain"}}},"description_kind":"plain"}}},"description_kind":"plain"},"max_items":1},"templates":{"nesting_mode":"set","block":{"attributes":{"delimiters":{"type":["list","string"],"description_kind":"plain","optional":true},"file_root":{"type":"string","description_kind":"plain","optional":true},"mime_types":{"type":["list","string"],"description_kind":"plain","optional":true}},"description_kind":"plain"},"max_items":1}},"description_kind":"plain"}},"match":{"nesting_mode":"list","block":{"attributes":{"host":{"type":["list","string"],"description_kind":"plain","optional":true},"method":{"type":["list","string"],"description_kind":"plain","optional":true},"path":{"type":["list","string"],"description_kind":"plain","optional":true}},"block_types":{"header":{"nesting_mode":"set","block":{"attributes":{"name":{"type":"string","description_kind":"plain","required":true},"values":{"type":["list","string"],"description_kind":"plain","required":true}},"description_kind":"plain"}},"not":{"nesting_mode":"list","block":{"attributes":{"host":{"type":["list","string"],"description_kind":"plain","optional":true},"method":{"type":["list","string"],"description_kind":"plain","optional":true},"path":{"type":["list","string"],"description_kind":"plain","optional":true}},"block_types":{"header":{"nesting_mode":"set","block":{"attributes":{"name":{"type":"string","description_kind":"plain","required":true},"values":{"type":["list","string"],"description_kind":"plain","required":true}},"description_kind":"plain"}},"query":{"nesting_mode":"set","block":{"attributes":{"name":{"type":"string","description_kind":"plain","required":true},"values":{"type":["list","string"],"description_kind":"plain","required":true}},"description_kind":"plain"}}},"description_kind":"plain"}},"query":{"nesting_mode":"set","block":{"attributes":{"name":{"type":"string","description_kind":"plain","required":true},"values":{"type":["list","string"],"description_kind":"plain","required":true}},"description_kind":"plain"}}},"description_kind":"plain"}}},"description_kind":"plain"}}},"description_kind":"plain"},"max_items":1},"templates":{"nesting_mode":"set","block":{"attributes":{"delimiters":{"type":["list","string"],"description_kind":"plain","optional":true},"file_root":{"type":"string","description_kind":"plain","optional":true},"mime_types":{"type":["list","string"],"description_kind":"plain","optional":true}},"description_kind":"plain"},"max_items":1}},"description_kind":"plain"}},"match":{"nesting_mode":"list","block":{"attributes":{"host":{"type":["list","string"],"description_kind":"plain","optional":true},"method":{"type":["list","string"],"description_kind":"plain","optional":true},"path":{"type":["list","string"],"description_kind":"plain","optional":true}},"block_types":{"header":{"nesting_mode":"set","block":{"attributes":{"name":{"type":"string","description_kind":"plain","required":true},"values":{"type":["list","string"],"description_kind":"plain","required":true}},"description_kind":"plain"}},"not":{"nesting_mode":"list","block":{"attributes":{"host":{"type":["list","string"],"description_kind":"plain","optional":true},"method":{"type":["list","string"],"description_kind":"plain","optional":true},"path":{"type":["list","string"],"description_kind":"plain","optional":true}},"block_types":{"header":{"nesting_mode":"set","block":{"attributes":{"name":{"type":"string","description_kind":"plain","required":true},"values":{"type":["list","string"],"description_kind":"plain","required":true}},"description_kind":"plain"}},"query":{"nesting_mode":"set","block":{"attributes":{"name":{"type":"string","description_kind":"plain","required":true},"values":{"type":["list","string"],"description_kind":"plain","required":true}},"description_kind":"plain"}}},"description_kind":"plain"}},"query":{"nesting_mode":"set","block":{"attributes":{"name":{"type":"string","description_kind":"plain","required":true},"values":{"type":["list","string"],"description_kind":"plain","required":true}},"description_kind":"plain"}}},"description_kind":"plain"}}},"description_kind":"plain"}},"route":{"nesting_mode":"list","block":{"attributes":{"group":{"type":"string","description_kind":"plain","optional":true},"terminal":{"type":"bool","description_kind":"plain","optional":true}},"block_types":{"handle":{"nesting_mode":"list","block":{"block_types":{"file_server":{"nesting_mode":"set","block":{"attributes":{"canonical_uris":{"type":"bool","description_kind":"plain","optional":true},"hide":{"type":["list","string"],"description_kind":"plain","optional":true},"index_names":{"type":["list","string"],"description_kind":"plain","optional":true},"pass_thru":{"type":"bool","description_kind":"plain","optional":true},"root":{"type":"string","description_kind":"plain","optional":true}},"description_kind":"plain"},"max_items":1},"request_body":{"nesting_mode":"set","block":{"attributes":{"max_size":{"type":"number","description_kind":"plain","required":true}},"description_kind":"plain"},"max_items":1},"reverse_proxy":{"nesting_mode":"set","block":{"block_types":{"upstream":{"nesting_mode":"list","block":{"attributes":{"dial":{"type":"string","description_kind":"plain","optional":true}},"description_kind":"plain"},"min_items":1}},"description_kind":"plain"},"max_items":1},"static_response":{"nesting_mode":"set","block":{"attributes":{"body":{"type":"string","description_kind":"plain","optional":true},"close":{"type":"bool","description_kind":"plain","optional":true},"status_code":{"type":"string","description_kind":"plain","optional":true}},"block_types":{"header":{"nesting_mode":"set","block":{"attributes":{"name":{"type":"string","description_kind":"plain","required":true},"values":{"type":["list","string"],"description_kind":"plain","required":true}},"description_kind":"plain"}}},"description_kind":"plain"},"max_items":1},"subroute":{"nesting_mode":"set","block":{"block_types":{"error":{"nesting_mode":"list","block":{"attributes":{"group":{"type":"string","description_kind":"plain","optional":true},"terminal":{"type":"bool","description_kind":"plain","optional":true}},"block_types":{"handle":{"nesting_mode":"list","block":{"block_types":{"file_server":{"nesting_mode":"set","block":{"attributes":{"canonical_uris":{"type":"bool","description_kind":"plain","optional":true},"hide":{"type":["list","string"],"description_kind":"plain","optional":true},"index_names":{"type":["list","string"],"description_kind":"plain","optional":true},"pass_thru":{"type":"bool","description_kind":"plain","optional":true},"root":{"type":"string","description_kind":"plain","optional":true}},"description_kind":"plain"},"max_items":1},"request_body":{"nesting_mode":"set","block":{"attributes":{"max_size":{"type":"number","description_kind":"plain","required":true}},"description_kind":"plain"},"max_items":1},"reverse_proxy":{"nesting_mode":"set","block":{"block_types":{"upstream":{"nesting_mode":"list","block":{"attributes":{"dial":{"type":"string","description_kind":"plain","optional":true}},"description_kind":"plain"},"min_items":1}},"description_kind":"plain"},"max_items":1},"static_response":{"nesting_mode":"set","block":{"attributes":{"body":{"type":"string","description_kind":"plain","optional":true},"close":{"type":"bool","description_kind":"plain","optional":true},"status_code":{"type":"string","description_kind":"plain","optional":true}},"block_types":{"header":{"nesting_mode":"set","block":{"attributes":{"name":{"type":"string","description_kind":"plain","required":true},"values":{"type":["list","string"],"description_kind":"plain","required":true}},"description_kind":"plain"}}},"description_kind":"plain"},"max_items":1},"subroute":{"nesting_mode":"set","block":{"block_types":{"error":{"nesting_mode":"list","block":{"attributes":{"group":{"type":"string","description_kind":"plain","optional":true},"terminal":{"type":"bool","description_kind":"plain","optional":true}},"block_types":{"handle":{"nesting_mode":"list","block":{"block_types":{"file_server":{"nesting_mode":"set","block":{"attributes":{"canonical_uris":{"type":"bool","description_kind":"plain","optional":true},"hide":{"type":["list","string"],"description_kind":"plain","optional":true},"index_names":{"type":["list","string"],"description_kind":"plain","optional":true},"pass_thru":{"type":"bool","description_kind":"plain","optional":true},"root":{"type":"string","description_kind":"plain","optional":true}},"description_kind":"plain"},"max_items":1},"request_body":{"nesting_mode":"set","block":{"attributes":{"max_size":{"type":"number","description_kind":"plain","required":true}},"description_kind":"plain"},"max_items":1},"reverse_proxy":{"nesting_mode":"set","block":{"block_types":{"upstream":{"nesting_mode":"list","block":{"attributes":{"dial":{"type":"string","description_kind":"plain","optional":true}},"description_kind":"plain"},"min_items":1}},"description_kind":"plain"},"max_items":1},"static_response":{"nesting_mode":"set","block":{"attributes":{"body":{"type":"string","description_kind":"plain","optional":true},"close":{"type":"bool","description_kind":"plain","optional":true},"status_code":{"type":"string","description_kind":"plain","optional":true}},"block_types":{"header":{"nesting_mode":"set","block":{"attributes":{"name":{"type":"string","description_kind":"plain","required":true},"values":{"type":["list","string"],"description_kind":"plain","required":true}},"description_kind":"plain"}}},"description_kind":"plain"},"max_items":1},"templates":{"nesting_mode":"set","block":{"attributes":{"delimiters":{"type":["list","string"],"description_kind":"plain","optional":true},"file_root":{"type":"string","description_kind":"plain","optional":true},"mime_types":{"type":["list","string"],"description_kind":"plain","optional":true}},"description_kind":"plain"},"max_items":1}},"description_kind":"plain"}},"match":{"nesting_mode":"list","block":{"attributes":{"host":{"type":["list","string"],"description_kind":"plain","optional":true},"method":{"type":["list","string"],"description_kind":"plain","optional":true},"path":{"type":["list","string"],"description_kind":"plain","optional":true}},"block_types":{"header":{"nesting_mode":"set","block":{"attributes":{"name":{"type":"string","description_kind":"plain","required":true},"values":{"type":["list","string"],"description_kind":"plain","required":true}},"description_kind":"plain"}},"not":{"nesting_mode":"list","block":{"attributes":{"host":{"type":["list","string"],"description_kind":"plain","optional":true},"method":{"type":["list","string"],"description_kind":"plain","optional":true},"path":{"type":["list","string"],"description_kind":"plain","optional":true}},"block_types":{"header":{"nesting_mode":"set","block":{"attributes":{"name":{"type":"string","description_kind":"plain","required":true},"values":{"type":["list","string"],"description_kind":"plain","required":true}},"description_kind":"plain"}},"query":{"nesting_mode":"set","block":{"attributes":{"name":{"type":"string","description_kind":"plain","required":true},"values":{"type":["list","string"],"description_kind":"plain","required":true}},"description_kind":"plain"}}},"description_kind":"plain"}},"query":{"nesting_mode":"set","block":{"attributes":{"name":{"type":"string","description_kind":"plain","required":true},"values":{"type":["list","string"],"description_kind":"plain","required":true}},"description_kind":"plain"}}},"description_kind":"plain"}}},"description_kind":"plain"}},"route":{"nesting_mode":"list","block":{"attributes":{"group":{"type":"string","description_kind":"plain","optional":true},"terminal":{"type":"bool","description_kind":"plain","optional":true}},"block_types":{"handle":{"nesting_mode":"list","block":{"block_types":{"file_server":{"nesting_mode":"set","block":{"attributes":{"canonical_uris":{"type":"bool","description_kind":"plain","optional":true},"hide":{"type":["list","string"],"description_kind":"plain","optional":true},"index_names":{"type":["list","string"],"description_kind":"plain","optional":true},"pass_thru":{"type":"bool","description_kind":"plain","optional":true},"root":{"type":"string","description_kind":"plain","optional":true}},"description_kind":"plain"},"max_items":1},"request_body":{"nesting_mode":"set","block":{"attributes":{"max_size":{"type":"number","description_kind":"plain","required":true}},"description_kind":"plain"},"max_items":1},"reverse_proxy":{"nesting_mode":"set","block":{"block_types":{"upstream":{"nesting_mode":"list","block":{"attributes":{"dial":{"type":"string","description_kind":"plain","optional":true}},"description_kind":"plain"},"min_items":1}},"description_kind":"plain"},"max_items":1},"static_response":{"nesting_mode":"set","block":{"attributes":{"body":{"type":"string","description_kind":"plain","optional":true},"close":{"type":"bool","description_kind":"plain","optional":true},"status_code":{"type":"string","description_kind":"plain","optional":true}},"block_types":{"header":{"nesting_mode":"set","block":{"attributes":{"name":{"type":"string","description_kind":"plain","required":true},"values":{"type":["list","string"],"description_kind":"plain","required":true}},"description_kind":"plain"}}},"description_kind":"plain"},"max_items":1},"templates":{"nesting_mode":"set","block":{"attributes":{"delimiters":{"type":["list","string"],"description_kind":"plain","optional":true},"file_root":{"type":"string","description_kind":"plain","optional":true},"mime_types":{"type":["list","string"],"description_kind":"plain","optional":true}},"description_kind":"plain"},"max_items":1}},"description_kind":"plain"}},"match":{"nesting_mode":"list","block":{"attributes":{"host":{"type":["list","string"],"description_kind":"plain","optional":true},"method":{"type":["list","string"],"description_kind":"plain","optional":true},"path":{"type":["list","string"],"description_kind":"plain","optional":true}},"block_types":{"header":{"nesting_mode":"set","block":{"attributes":{"name":{"type":"string","description_kind":"plain","required":true},"values":{"type":["list","string"],"description_kind":"plain","required":true}},"description_kind":"plain"}},"not":{"nesting_mode":"list","block":{"attributes":{"host":{"type":["list","string"],"description_kind":"plain","optional":true},"method":{"type":["list","string"],"description_kind":"plain","optional":true},"path":{"type":["list","string"],"description_kind":"plain","optional":true}},"block_types":{"header":{"nesting_mode":"set","block":{"attributes":{"name":{"type":"string","description_kind":"plain","required":true},"values":{"type":["list","string"],"description_kind":"plain","required":true}},"description_kind":"plain"}},"query":{"nesting_mode":"set","block":{"attributes":{"name":{"type":"string","description_kind":"plain","required":true},"values":{"type":["list","string"],"description_kind":"plain","required":true}},"description_kind":"plain"}}},"description_kind":"plain"}},"query":{"nesting_mode":"set","block":{"attributes":{"name":{"type":"string","description_kind":"plain","required":true},"values":{"type":["list","string"],"description_kind":"plain","required":true}},"description_kind":"plain"}}},"description_kind":"plain"}}},"description_kind":"plain"}}},"description_kind":"plain"},"max_items":1},"templates":{"nesting_mode":"set","block":{"attributes":{"delimiters":{"type":["list","string"],"description_kind":"plain","optional":true},"file_root":{"type":"string","description_kind":"plain","optional":true},"mime_types":{"type":["list","string"],"description_kind":"plain","optional":true}},"description_kind":"plain"},"max_items":1}},"description_kind":"plain"}},"match":{"nesting_mode":"list","block":{"attributes":{"host":{"type":["list","string"],"description_kind":"plain","optional":true},"method":{"type":["list","string"],"description_kind":"plain","optional":true},"path":{"type":["list","string"],"description_kind":"plain","optional":true}},"block_types":{"header":{"nesting_mode":"set","block":{"attributes":{"name":{"type":"string","description_kind":"plain","required":true},"values":{"type":["list","string"],"description_kind":"plain","required":true}},"description_kind":"plain"}},"not":{"nesting_mode":"list","block":{"attributes":{"host":{"type":["list","string"],"description_kind":"plain","optional":true},"method":{"type":["list","string"],"description_kind":"plain","optional":true},"path":{"type":["list","string"],"description_kind":"plain","optional":true}},"block_types":{"header":{"nesting_mode":"set","block":{"attributes":{"name":{"type":"string","description_kind":"plain","required":true},"values":{"type":["list","string"],"description_kind":"plain","required":true}},"description_kind":"plain"}},"query":{"nesting_mode":"set","block":{"attributes":{"name":{"type":"string","description_kind":"plain","required":true},"values":{"type":["list","string"],"description_kind":"plain","required":true}},"description_kind":"plain"}}},"description_kind":"plain"}},"query":{"nesting_mode":"set","block":{"attributes":{"name":{"type":"string","description_kind":"plain","required":true},"values":{"type":["list","string"],"description_kind":"plain","required":true}},"description_kind":"plain"}}},"description_kind":"plain"}}},"description_kind":"plain"}},"route":{"nesting_mode":"list","block":{"attributes":{"group":{"type":"string","description_kind":"plain","optional":true},"terminal":{"type":"bool","description_kind":"plain","optional":true}},"block_types":{"handle":{"nesting_mode":"list","block":{"block_types":{"file_server":{"nesting_mode":"set","block":{"attributes":{"canonical_uris":{"type":"bool","description_kind":"plain","optional":true},"hide":{"type":["list","string"],"description_kind":"plain","optional":true},"index_names":{"type":["list","string"],"description_kind":"plain","optional":true},"pass_thru":{"type":"bool","description_kind":"plain","optional":true},"root":{"type":"string","description_kind":"plain","optional":true}},"description_kind":"plain"},"max_items":1},"request_body":{"nesting_mode":"set","block":{"attributes":{"max_size":{"type":"number","description_kind":"plain","required":true}},"description_kind":"plain"},"max_items":1},"reverse_proxy":{"nesting_mode":"set","block":{"block_types":{"upstream":{"nesting_mode":"list","block":{"attributes":{"dial":{"type":"string","description_kind":"plain","optional":true}},"description_kind":"plain"},"min_items":1}},"description_kind":"plain"},"max_items":1},"static_response":{"nesting_mode":"set","block":{"attributes":{"body":{"type":"string","description_kind":"plain","optional":true},"close":{"type":"bool","description_kind":"plain","optional":true},"status_code":{"type":"string","description_kind":"plain","optional":true}},"block_types":{"header":{"nesting_mode":"set","block":{"attributes":{"name":{"type":"string","description_kind":"plain","required":true},"values":{"type":["list","string"],"description_kind":"plain","required":true}},"description_kind":"plain"}}},"description_kind":"plain"},"max_items":1},"subroute":{"nesting_mode":"set","block":{"block_types":{"error":{"nesting_mode":"list","block":{"attributes":{"group":{"type":"string","description_kind":"plain","optional":true},"terminal":{"type":"bool","description_kind":"plain","optional":true}},"block_types":{"handle":{"nesting_mode":"list","block":{"block_types":{"file_server":{"nesting_mode":"set","block":{"attributes":{"canonical_uris":{"type":"bool","description_kind":"plain","optional":true},"hide":{"type":["list","string"],"description_kind":"plain","optional":true},"index_names":{"type":["list","string"],"description_kind":"plain","optional":true},"pass_thru":{"type":"bool","description_kind":"plain","optional":true},"root":{"type":"string","description_kind":"plain","optional":true}},"description_kind":"plain"},"max_items":1},"request_body":{"nesting_mode":"set","block":{"attributes":{"max_size":{"type":"number","description_kind":"plain","required":true}},"description_kind":"plain"},"max_items":1},"reverse_proxy":{"nesting_mode":"set","block":{"block_types":{"upstream":{"nesting_mode":"list","block":{"attributes":{"dial":{"type":"string","description_kind":"plain","optional":true}},"description_kind":"plain"},"min_items":1}},"description_kind":"plain"},"max_items":1},"static_response":{"nesting_mode":"set","block":{"attributes":{"body":{"type":"string","description_kind":"plain","optional":true},"close":{"type":"bool","description_kind":"plain","optional":true},"status_code":{"type":"string","description_kind":"plain","optional":true}},"block_types":{"header":{"nesting_mode":"set","block":{"attributes":{"name":{"type":"string","description_kind":"plain","required":true},"values":{"type":["list","string"],"description_kind":"plain","required":true}},"description_kind":"plain"}}},"description_kind":"plain"},"max_items":1},"templates":{"nesting_mode":"set","block":{"attributes":{"delimiters":{"type":["list","string"],"description_kind":"plain","optional":true},"file_root":{"type":"string","description_kind":"plain","optional":true},"mime_types":{"type":["list","string"],"description_kind":"plain","optional":true}},"description_kind":"plain"},"max_items":1}},"description_kind":"plain"}},"match":{"nesting_mode":"list","block":{"attributes":{"host":{"type":["list","string"],"description_kind":"plain","optional":true},"method":{"type":["list","string"],"description_kind":"plain","optional":true},"path":{"type":["list","string"],"description_kind":"plain","optional":true}},"block_types":{"header":{"nesting_mode":"set","block":{"attributes":{"name":{"type":"string","description_kind":"plain","required":true},"values":{"type":["list","string"],"description_kind":"plain","required":true}},"description_kind":"plain"}},"not":{"nesting_mode":"list","block":{"attributes":{"host":{"type":["list","string"],"description_kind":"plain","optional":true},"method":{"type":["list","string"],"description_kind":"plain","optional":true},"path":{"type":["list","string"],"description_kind":"plain","optional":true}},"block_types":{"header":{"nesting_mode":"set","block":{"attributes":{"name":{"type":"string","description_kind":"plain","required":true},"values":{"type":["list","string"],"description_kind":"plain","required":true}},"description_kind":"plain"}},"query":{"nesting_mode":"set","block":{"attributes":{"name":{"type":"string","description_kind":"plain","required":true},"values":{"type":["list","string"],"description_kind":"plain","required":true}},"description_kind":"plain"}}},"description_kind":"plain"}},"query":{"nesting_mode":"set","block":{"attributes":{"name":{"type":"string","description_kind":"plain","required":true},"values":{"type":["list","string"],"description_kind":"plain","required":true}},"description_kind":"plain"}}},"description_kind":"plain"}}},"description_kind":"plain"}},"route":{"nesting_mode":"list","block":{"attributes":{"group":{"type":"string","description_kind":"plain","optional":true},"terminal":{"type":"bool","description_kind":"plain","optional":true}},"block_types":{"handle":{"nesting_mode":"list","block":{"block_types":{"file_server":{"nesting_mode":"set","block":{"attributes":{"canonical_uris":{"type":"bool","description_kind":"plain","optional":true},"hide":{"type":["list","string"],"description_kind":"plain","optional":true},"index_names":{"type":["list","string"],"description_kind":"plain","optional":true},"pass_thru":{"type":"bool","description_kind":"plain","optional":true},"root":{"type":"string","description_kind":"plain","optional":true}},"description_kind":"plain"},"max_items":1},"request_body":{"nesting_mode":"set","block":{"attributes":{"max_size":{"type":"number","description_kind":"plain","required":true}},"description_kind":"plain"},"max_items":1},"reverse_proxy":{"nesting_mode":"set","block":{"block_types":{"upstream":{"nesting_mode":"list","block":{"attributes":{"dial":{"type":"string","description_kind":"plain","optional":true}},"description_kind":"plain"},"min_items":1}},"description_kind":"plain"},"max_items":1},"static_response":{"nesting_mode":"set","block":{"attributes":{"body":{"type":"string","description_kind":"plain","optional":true},"close":{"type":"bool","description_kind":"plain","optional":true},"status_code":{"type":"string","description_kind":"plain","optional":true}},"block_types":{"header":{"nesting_mode":"set","block":{"attributes":{"name":{"type":"string","description_kind":"plain","required":true},"values":{"type":["list","string"],"description_kind":"plain","required":true}},"description_kind":"plain"}}},"description_kind":"plain"},"max_items":1},"templates":{"nesting_mode":"set","block":{"attributes":{"delimiters":{"type":["list","string"],"description_kind":"plain","optional":true},"file_root":{"type":"string","description_kind":"plain","optional":true},"mime_types":{"type":["list","string"],"description_kind":"plain","optional":true}},"description_kind":"plain"},"max_items":1}},"description_kind":"plain"}},"match":{"nesting_mode":"list","block":{"attributes":{"host":{"type":["list","string"],"description_kind":"plain","optional":true},"method":{"type":["list","string"],"description_kind":"plain","optional":true},"path":{"type":["list","string"],"description_kind":"plain","optional":true}},"block_types":{"header":{"nesting_mode":"set","block":{"attributes":{"name":{"type":"string","description_kind":"plain","required":true},"values":{"type":["list","string"],"description_kind":"plain","required":true}},"description_kind":"plain"}},"not":{"nesting_mode":"list","block":{"attributes":{"host":{"type":["list","string"],"description_kind":"plain","optional":true},"method":{"type":["list","string"],"description_kind":"plain","optional":true},"path":{"type":["list","string"],"description_kind":"plain","optional":true}},"block_types":{"header":{"nesting_mode":"set","block":{"attributes":{"name":{"type":"string","description_kind":"plain","required":true},"values":{"type":["list","string"],"description_kind":"plain","required":true}},"description_kind":"plain"}},"query":{"nesting_mode":"set","block":{"attributes":{"name":{"type":"string","description_kind":"plain","required":true},"values":{"type":["list","string"],"description_kind":"plain","required":true}},"description_kind":"plain"}}},"description_kind":"plain"}},"query":{"nesting_mode":"set","block":{"attributes":{"name":{"type":"string","description_kind":"plain","required":true},"values":{"type":["list","string"],"description_kind":"plain","required":true}},"description_kind":"plain"}}},"description_kind":"plain"}}},"description_kind":"plain"}}},"description_kind":"plain"},"max_items":1},"templates":{"nesting_mode":"set","block":{"attributes":{"delimiters":{"type":["list","string"],"description_kind":"plain","optional":true},"file_root":{"type":"string","description_kind":"plain","optional":true},"mime_types":{"type":["list","string"],"description_kind":"plain","optional":true}},"description_kind":"plain"},"max_items":1}},"description_kind":"plain"}},"match":{"nesting_mode":"list","block":{"attributes":{"host":{"type":["list","string"],"description_kind":"plain","optional":true},"method":{"type":["list","string"],"description_kind":"plain","optional":true},"path":{"type":["list","string"],"description_kind":"plain","optional":true}},"block_types":{"header":{"nesting_mode":"set","block":{"attributes":{"name":{"type":"string","description_kind":"plain","required":true},"values":{"type":["list","string"],"description_kind":"plain","required":true}},"description_kind":"plain"}},"not":{"nesting_mode":"list","block":{"attributes":{"host":{"type":["list","string"],"description_kind":"plain","optional":true},"method":{"type":["list","string"],"description_kind":"plain","optional":true},"path":{"type":["list","string"],"description_kind":"plain","optional":true}},"block_types":{"header":{"nesting_mode":"set","block":{"attributes":{"name":{"type":"string","description_kind":"plain","required":true},"values":{"type":["list","string"],"description_kind":"plain","required":true}},"description_kind":"plain"}},"query":{"nesting_mode":"set","block":{"attributes":{"name":{"type":"string","description_kind":"plain","required":true},"values":{"type":["list","string"],"description_kind":"plain","required":true}},"description_kind":"plain"}}},"description_kind":"plain"}},"query":{"nesting_mode":"set","block":{"attributes":{"name":{"type":"string","description_kind":"plain","required":true},"values":{"type":["list","string"],"description_kind":"plain","required":true}},"description_kind":"plain"}}},"description_kind":"plain"}}},"description_kind":"plain"}}},"description_kind":"plain"},"max_items":1},"templates":{"nesting_mode":"set","block":{"attributes":{"delimiters":{"type":["list","string"],"description_kind":"plain","optional":true},"file_root":{"type":"string","description_kind":"plain","optional":true},"mime_types":{"type":["list","string"],"description_kind":"plain","optional":true}},"description_kind":"plain"},"max_items":1}},"description_kind":"plain"}},"match":{"nesting_mode":"list","block":{"attributes":{"host":{"type":["list","string"],"description_kind":"plain","optional":true},"method":{"type":["list","string"],"description_kind":"plain","optional":true},"path":{"type":["list","string"],"description_kind":"plain","optional":true}},"block_types":{"header":{"nesting_mode":"set","block":{"attributes":{"name":{"type":"string","description_kind":"plain","required":true},"values":{"type":["list","string"],"description_kind":"plain","required":true}},"description_kind":"plain"}},"not":{"nesting_mode":"list","block":{"attributes":{"host":{"type":["list","string"],"description_kind":"plain","optional":true},"method":{"type":["list","string"],"description_kind":"plain","optional":true},"path":{"type":["list","string"],"description_kind":"plain","optional":true}},"block_types":{"header":{"nesting_mode":"set","block":{"attributes":{"name":{"type":"string","description_kind":"plain","required":true},"values":{"type":["list","string"],"description_kind":"plain","required":true}},"description_kind":"plain"}},"query":{"nesting_mode":"set","block":{"attributes":{"name":{"type":"string","description_kind":"plain","required":true},"values":{"type":["list","string"],"description_kind":"plain","required":true}},"description_kind":"plain"}}},"description_kind":"plain"}},"query":{"nesting_mode":"set","block":{"attributes":{"name":{"type":"string","description_kind":"plain","required":true},"values":{"type":["list","string"],"description_kind":"plain","required":true}},"description_kind":"plain"}}},"description_kind":"plain"}}},"description_kind":"plain"}}},"description_kind":"plain"},"max_items":1},"templates":{"nesting_mode":"set","block":{"attributes":{"delimiters":{"type":["list","string"],"description_kind":"plain","optional":true},"file_root":{"type":"string","description_kind":"plain","optional":true},"mime_types":{"type":["list","string"],"description_kind":"plain","optional":true}},"description_kind":"plain"},"max_items":1}},"description_kind":"plain"}},"match":{"nesting_mode":"list","block":{"attributes":{"host":{"type":["list","string"],"description_kind":"plain","optional":true},"method":{"type":["list","string"],"description_kind":"plain","optional":true},"path":{"type":["list","string"],"description_kind":"plain","optional":true}},"block_types":{"header":{"nesting_mode":"set","block":{"attributes":{"name":{"type":"string","description_kind":"plain","required":true},"values":{"type":["list","string"],"description_kind":"plain","required":true}},"description_kind":"plain"}},"not":{"nesting_mode":"list","block":{"attributes":{"host":{"type":["list","string"],"description_kind":"plain","optional":true},"method":{"type":["list","string"],"description_kind":"plain","optional":true},"path":{"type":["list","string"],"description_kind":"plain","optional":true}},"block_types":{"header":{"nesting_mode":"set","block":{"attributes":{"name":{"type":"string","description_kind":"plain","required":true},"values":{"type":["list","string"],"description_kind":"plain","required":true}},"description_kind":"plain"}},"query":{"nesting_mode":"set","block":{"attributes":{"name":{"type":"string","description_kind":"plain","required":true},"values":{"type":["list","string"],"description_kind":"plain","required":true}},"description_kind":"plain"}}},"description_kind":"plain"}},"query":{"nesting_mode":"set","block":{"attributes":{"name":{"type":"string","description_kind":"plain","required":true},"values":{"type":["list","string"],"description_kind":"plain","required":true}},"description_kind":"plain"}}},"description_kind":"plain"}}},"description_kind":"plain"}},"route":{"nesting_mode":"list","block":{"attributes":{"group":{"type":"string","description_kind":"plain","optional":true},"terminal":{"type":"bool","description_kind":"plain","optional":true}},"block_types":{"handle":{"nesting_mode":"list","block":{"block_types":{"file_server":{"nesting_mode":"set","block":{"attributes":{"canonical_uris":{"type":"bool","description_kind":"plain","optional":true},"hide":{"type":["list","string"],"description_kind":"plain","optional":true},"index_names":{"type":["list","string"],"description_kind":"plain","optional":true},"pass_thru":{"type":"bool","description_kind":"plain","optional":true},"root":{"type":"string","description_kind":"plain","optional":true}},"description_kind":"plain"},"max_items":1},"request_body":{"nesting_mode":"set","block":{"attributes":{"max_size":{"type":"number","description_kind":"plain","required":true}},"description_kind":"plain"},"max_items":1},"reverse_proxy":{"nesting_mode":"set","block":{"block_types":{"upstream":{"nesting_mode":"list","block":{"attributes":{"dial":{"type":"string","description_kind":"plain","optional":true}},"description_kind":"plain"},"min_items":1}},"description_kind":"plain"},"max_items":1},"static_response":{"nesting_mode":"set","block":{"attributes":{"body":{"type":"string","description_kind":"plain","optional":true},"close":{"type":"bool","description_kind":"plain","optional":true},"status_code":{"type":"string","description_kind":"plain","optional":true}},"block_types":{"header":{"nesting_mode":"set","block":{"attributes":{"name":{"type":"string","description_kind":"plain","required":true},"values":{"type":["list","string"],"description_kind":"plain","required":true}},"description_kind":"plain"}}},"description_kind":"plain"},"max_items":1},"subroute":{"nesting_mode":"set","block":{"block_types":{"error":{"nesting_mode":"list","block":{"attributes":{"group":{"type":"string","description_kind":"plain","optional":true},"terminal":{"type":"bool","description_kind":"plain","optional":true}},"block_types":{"handle":{"nesting_mode":"list","block":{"block_types":{"file_server":{"nesting_mode":"set","block":{"attributes":{"canonical_uris":{"type":"bool","description_kind":"plain","optional":true},"hide":{"type":["list","string"],"description_kind":"plain","optional":true},"index_names":{"type":["list","string"],"description_kind":"plain","optional":true},"pass_thru":{"type":"bool","description_kind":"plain","optional":true},"root":{"type":"string","description_kind":"plain","optional":true}},"description_kind":"plain"},"max_items":1},"request_body":{"nesting_mode":"set","block":{"attributes":{"max_size":{"type":"number","description_kind":"plain","required":true}},"description_kind":"plain"},"max_items":1},"reverse_proxy":{"nesting_mode":"set","block":{"block_types":{"upstream":{"nesting_mode":"list","block":{"attributes":{"dial":{"type":"string","description_kind":"plain","optional":true}},"description_kind":"plain"},"min_items":1}},"description_kind":"plain"},"max_items":1},"static_response":{"nesting_mode":"set","block":{"attributes":{"body":{"type":"string","description_kind":"plain","optional":true},"close":{"type":"bool","description_kind":"plain","optional":true},"status_code":{"type":"string","description_kind":"plain","optional":true}},"block_types":{"header":{"nesting_mode":"set","block":{"attributes":{"name":{"type":"string","description_kind":"plain","required":true},"values":{"type":["list","string"],"description_kind":"plain","required":true}},"description_kind":"plain"}}},"description_kind":"plain"},"max_items":1},"subroute":{"nesting_mode":"set","block":{"block_types":{"error":{"nesting_mode":"list","block":{"attributes":{"group":{"type":"string","description_kind":"plain","optional":true},"terminal":{"type":"bool","description_kind":"plain","optional":true}},"block_types":{"handle":{"nesting_mode":"list","block":{"block_types":{"file_server":{"nesting_mode":"set","block":{"attributes":{"canonical_uris":{"type":"bool","description_kind":"plain","optional":true},"hide":{"type":["list","string"],"description_kind":"plain","optional":true},"index_names":{"type":["list","string"],"description_kind":"plain","optional":true},"pass_thru":{"type":"bool","description_kind":"plain","optional":true},"root":{"type":"string","description_kind":"plain","optional":true}},"description_kind":"plain"},"max_items":1},"request_body":{"nesting_mode":"set","block":{"attributes":{"max_size":{"type":"number","description_kind":"plain","required":true}},"description_kind":"plain"},"max_items":1},"reverse_proxy":{"nesting_mode":"set","block":{"block_types":{"upstream":{"nesting_mode":"list","block":{"attributes":{"dial":{"type":"string","description_kind":"plain","optional":true}},"description_kind":"plain"},"min_items":1}},"description_kind":"plain"},"max_items":1},"static_response":{"nesting_mode":"set","block":{"attributes":{"body":{"type":"string","description_kind":"plain","optional":true},"close":{"type":"bool","description_kind":"plain","optional":true},"status_code":{"type":"string","description_kind":"plain","optional":true}},"block_types":{"header":{"nesting_mode":"set","block":{"attributes":{"name":{"type":"string","description_kind":"plain","required":true},"values":{"type":["list","string"],"description_kind":"plain","required":true}},"description_kind":"plain"}}},"description_kind":"plain"},"max_items":1},"subroute":{"nesting_mode":"set","block":{"block_types":{"error":{"nesting_mode":"list","block":{"attributes":{"group":{"type":"string","description_kind":"plain","optional":true},"terminal":{"type":"bool","description_kind":"plain","optional":true}},"block_types":{"handle":{"nesting_mode":"list","block":{"block_types":{"file_server":{"nesting_mode":"set","block":{"attributes":{"canonical_uris":{"type":"bool","description_kind":"plain","optional":true},"hide":{"type":["list","string"],"description_kind":"plain","optional":true},"index_names":{"type":["list","string"],"description_kind":"plain","optional":true},"pass_thru":{"type":"bool","description_kind":"plain","optional":true},"root":{"type":"string","description_kind":"plain","optional":true}},"description_kind":"plain"},"max_items":1},"request_body":{"nesting_mode":"set","block":{"attributes":{"max_size":{"type":"number","description_kind":"plain","required":true}},"description_kind":"plain"},"max_items":1},"reverse_proxy":{"nesting_mode":"set","block":{"block_types":{"upstream":{"nesting_mode":"list","block":{"attributes":{"dial":{"type":"string","description_kind":"plain","optional":true}},"description_kind":"plain"},"min_items":1}},"description_kind":"plain"},"max_items":1},"static_response":{"nesting_mode":"set","block":{"attributes":{"body":{"type":"string","description_kind":"plain","optional":true},"close":{"type":"bool","description_kind":"plain","optional":true},"status_code":{"type":"string","description_kind":"plain","optional":true}},"block_types":{"header":{"nesting_mode":"set","block":{"attributes":{"name":{"type":"string","description_kind":"plain","required":true},"values":{"type":["list","string"],"description_kind":"plain","required":true}},"description_kind":"plain"}}},"description_kind":"plain"},"max_items":1},"templates":{"nesting_mode":"set","block":{"attributes":{"delimiters":{"type":["list","string"],"description_kind":"plain","optional":true},"file_root":{"type":"string","description_kind":"plain","optional":true},"mime_types":{"type":["list","string"],"description_kind":"plain","optional":true}},"description_kind":"plain"},"max_items":1}},"description_kind":"plain"}},"match":{"nesting_mode":"list","block":{"attributes":{"host":{"type":["list","string"],"description_kind":"plain","optional":true},"method":{"type":["list","string"],"description_kind":"plain","optional":true},"path":{"type":["list","string"],"description_kind":"plain","optional":true}},"block_types":{"header":{"nesting_mode":"set","block":{"attributes":{"name":{"type":"string","description_kind":"plain","required":true},"values":{"type":["list","string"],"description_kind":"plain","required":true}},"description_kind":"plain"}},"not":{"nesting_mode":"list","block":{"attributes":{"host":{"type":["list","string"],"description_kind":"plain","optional":true},"method":{"type":["list","string"],"description_kind":"plain","optional":true},"path":{"type":["list","string"],"description_kind":"plain","optional":true}},"block_types":{"header":{"nesting_mode":"set","block":{"attributes":{"name":{"type":"string","description_kind":"plain","required":true},"values":{"type":["list","string"],"description_kind":"plain","required":true}},"description_kind":"plain"}},"query":{"nesting_mode":"set","block":{"attributes":{"name":{"type":"string","description_kind":"plain","required":true},"values":{"type":["list","string"],"description_kind":"plain","required":true}},"description_kind":"plain"}}},"description_kind":"plain"}},"query":{"nesting_mode":"set","block":{"attributes":{"name":{"type":"string","description_kind":"plain","required":true},"values":{"type":["list","string"],"description_kind":"plain","required":true}},"description_kind":"plain"}}},"description_kind":"plain"}}},"description_kind":"plain"}},"route":{"nesting_mode":"list","block":{"attributes":{"group":{"type":"string","description_kind":"plain","optional":true},"terminal":{"type":"bool","description_kind":"plain","optional":true}},"block_types":{"handle":{"nesting_mode":"list","block":{"block_types":{"file_server":{"nesting_mode":"set","block":{"attributes":{"canonical_uris":{"type":"bool","description_kind":"plain","optional":true},"hide":{"type":["list","string"],"description_kind":"plain","optional":true},"index_names":{"type":["list","string"],"description_kind":"plain","optional":true},"pass_thru":{"type":"bool","description_kind":"plain","optional":true},"root":{"type":"string","description_kind":"plain","optional":true}},"description_kind":"plain"},"max_items":1},"request_body":{"nesting_mode":"set","block":{"attributes":{"max_size":{"type":"number","description_kind":"plain","required":true}},"description_kind":"plain"},"max_items":1},"reverse_proxy":{"nesting_mode":"set","block":{"block_types":{"upstream":{"nesting_mode":"list","block":{"attributes":{"dial":{"type":"string","description_kind":"plain","optional":true}},"description_kind":"plain"},"min_items":1}},"description_kind":"plain"},"max_items":1},"static_response":{"nesting_mode":"set","block":{"attributes":{"body":{"type":"string","description_kind":"plain","optional":true},"close":{"type":"bool","description_kind":"plain","optional":true},"status_code":{"type":"string","description_kind":"plain","optional":true}},"block_types":{"header":{"nesting_mode":"set","block":{"attributes":{"name":{"type":"string","description_kind":"plain","required":true},"values":{"type":["list","string"],"description_kind":"plain","required":true}},"description_kind":"plain"}}},"description_kind":"plain"},"max_items":1},"templates":{"nesting_mode":"set","block":{"attributes":{"delimiters":{"type":["list","string"],"description_kind":"plain","optional":true},"file_root":{"type":"string","description_kind":"plain","optional":true},"mime_types":{"type":["list","string"],"description_kind":"plain","optional":true}},"description_kind":"plain"},"max_items":1}},"description_kind":"plain"}},"match":{"nesting_mode":"list","block":{"attributes":{"host":{"type":["list","string"],"description_kind":"plain","optional":true},"method":{"type":["list","string"],"description_kind":"plain","optional":true},"path":{"type":["list","string"],"description_kind":"plain","optional":true}},"block_types":{"header":{"nesting_mode":"set","block":{"attributes":{"name":{"type":"string","description_kind":"plain","required":true},"values":{"type":["list","string"],"description_kind":"plain","required":true}},"description_kind":"plain"}},"not":{"nesting_mode":"list","block":{"attributes":{"host":{"type":["list","string"],"description_kind":"plain","optional":true},"method":{"type":["list","string"],"description_kind":"plain","optional":true},"path":{"type":["list","string"],"description_kind":"plain","optional":true}},"block_types":{"header":{"nesting_mode":"set","block":{"attributes":{"name":{"type":"string","description_kind":"plain","required":true},"values":{"type":["list","string"],"description_kind":"plain","required":true}},"description_kind":"plain"}},"query":{"nesting_mode":"set","block":{"attributes":{"name":{"type":"string","description_kind":"plain","required":true},"values":{"type":["list","string"],"description_kind":"plain","required":true}},"description_kind":"plain"}}},"description_kind":"plain"}},"query":{"nesting_mode":"set","block":{"attributes":{"name":{"type":"string","description_kind":"plain","required":true},"values":{"type":["list","string"],"description_kind":"plain","required":true}},"description_kind":"plain"}}},"description_kind":"plain"}}},"description_kind":"plain"}}},"description_kind":"plain"},"max_items":1},"templates":{"nesting_mode":"set","block":{"attributes":{"delimiters":{"type":["list","string"],"description_kind":"plain","optional":true},"file_root":{"type":"string","description_kind":"plain","optional":true},"mime_types":{"type":["list","string"],"description_kind":"plain","optional":true}},"description_kind":"plain"},"max_items":1}},"description_kind":"plain"}},"match":{"nesting_mode":"list","block":{"attributes":{"host":{"type":["list","string"],"description_kind":"plain","optional":true},"method":{"type":["list","string"],"description_kind":"plain","optional":true},"path":{"type":["list","string"],"description_kind":"plain","optional":true}},"block_types":{"header":{"nesting_mode":"set","block":{"attributes":{"name":{"type":"string","description_kind":"plain","required":true},"values":{"type":["list","string"],"description_kind":"plain","required":true}},"description_kind":"plain"}},"not":{"nesting_mode":"list","block":{"attributes":{"host":{"type":["list","string"],"description_kind":"plain","optional":true},"method":{"type":["list","string"],"description_kind":"plain","optional":true},"path":{"type":["list","string"],"description_kind":"plain","optional":true}},"block_types":{"header":{"nesting_mode":"set","block":{"attributes":{"name":{"type":"string","description_kind":"plain","required":true},"values":{"type":["list","string"],"description_kind":"plain","required":true}},"description_kind":"plain"}},"query":{"nesting_mode":"set","block":{"attributes":{"name":{"type":"string","description_kind":"plain","required":true},"values":{"type":["list","string"],"description_kind":"plain","required":true}},"description_kind":"plain"}}},"description_kind":"plain"}},"query":{"nesting_mode":"set","block":{"attributes":{"name":{"type":"string","description_kind":"plain","required":true},"values":{"type":["list","string"],"description_kind":"plain","required":true}},"description_kind":"plain"}}},"description_kind":"plain"}}},"description_kind":"plain"}},"route":{"nesting_mode":"list","block":{"attributes":{"group":{"type":"string","description_kind":"plain","optional":true},"terminal":{"type":"bool","description_kind":"plain","optional":true}},"block_types":{"handle":{"nesting_mode":"list","block":{"block_types":{"file_server":{"nesting_mode":"set","block":{"attributes":{"canonical_uris":{"type":"bool","description_kind":"plain","optional":true},"hide":{"type":["list","string"],"description_kind":"plain","optional":true},"index_names":{"type":["list","string"],"description_kind":"plain","optional":true},"pass_thru":{"type":"bool","description_kind":"plain","optional":true},"root":{"type":"string","description_kind":"plain","optional":true}},"description_kind":"plain"},"max_items":1},"request_body":{"nesting_mode":"set","block":{"attributes":{"max_size":{"type":"number","description_kind":"plain","required":true}},"description_kind":"plain"},"max_items":1},"reverse_proxy":{"nesting_mode":"set","block":{"block_types":{"upstream":{"nesting_mode":"list","block":{"attributes":{"dial":{"type":"string","description_kind":"plain","optional":true}},"description_kind":"plain"},"min_items":1}},"description_kind":"plain"},"max_items":1},"static_response":{"nesting_mode":"set","block":{"attributes":{"body":{"type":"string","description_kind":"plain","optional":true},"close":{"type":"bool","description_kind":"plain","optional":true},"status_code":{"type":"string","description_kind":"plain","optional":true}},"block_types":{"header":{"nesting_mode":"set","block":{"attributes":{"name":{"type":"string","description_kind":"plain","required":true},"values":{"type":["list","string"],"description_kind":"plain","required":true}},"description_kind":"plain"}}},"description_kind":"plain"},"max_items":1},"subroute":{"nesting_mode":"set","block":{"block_types":{"error":{"nesting_mode":"list","block":{"attributes":{"group":{"type":"string","description_kind":"plain","optional":true},"terminal":{"type":"bool","description_kind":"plain","optional":true}},"block_types":{"handle":{"nesting_mode":"list","block":{"block_types":{"file_server":{"nesting_mode":"set","block":{"attributes":{"canonical_uris":{"type":"bool","description_kind":"plain","optional":true},"hide":{"type":["list","string"],"description_kind":"plain","optional":true},"index_names":{"type":["list","string"],"description_kind":"plain","optional":true},"pass_thru":{"type":"bool","description_kind":"plain","optional":true},"root":{"type":"string","description_kind":"plain","optional":true}},"description_kind":"plain"},"max_items":1},"request_body":{"nesting_mode":"set","block":{"attributes":{"max_size":{"type":"number","description_kind":"plain","required":true}},"description_kind":"plain"},"max_items":1},"reverse_proxy":{"nesting_mode":"set","block":{"block_types":{"upstream":{"nesting_mode":"list","block":{"attributes":{"dial":{"type":"string","description_kind":"plain","optional":true}},"description_kind":"plain"},"min_items":1}},"description_kind":"plain"},"max_items":1},"static_response":{"nesting_mode":"set","block":{"attributes":{"body":{"type":"string","description_kind":"plain","optional":true},"close":{"type":"bool","description_kind":"plain","optional":true},"status_code":{"type":"string","description_kind":"plain","optional":true}},"block_types":{"header":{"nesting_mode":"set","block":{"attributes":{"name":{"type":"string","description_kind":"plain","required":true},"values":{"type":["list","string"],"description_kind":"plain","required":true}},"description_kind":"plain"}}},"description_kind":"plain"},"max_items":1},"templates":{"nesting_mode":"set","block":{"attributes":{"delimiters":{"type":["list","string"],"description_kind":"plain","optional":true},"file_root":{"type":"string","description_kind":"plain","optional":true},"mime_types":{"type":["list","string"],"description_kind":"plain","optional":true}},"description_kind":"plain"},"max_items":1}},"description_kind":"plain"}},"match":{"nesting_mode":"list","block":{"attributes":{"host":{"type":["list","string"],"description_kind":"plain","optional":true},"method":{"type":["list","string"],"description_kind":"plain","optional":true},"path":{"type":["list","string"],"description_kind":"plain","optional":true}},"block_types":{"header":{"nesting_mode":"set","block":{"attributes":{"name":{"type":"string","description_kind":"plain","required":true},"values":{"type":["list","string"],"description_kind":"plain","required":true}},"description_kind":"plain"}},"not":{"nesting_mode":"list","block":{"attributes":{"host":{"type":["list","string"],"description_kind":"plain","optional":true},"method":{"type":["list","string"],"description_kind":"plain","optional":true},"path":{"type":["list","string"],"description_kind":"plain","optional":true}},"block_types":{"header":{"nesting_mode":"set","block":{"attributes":{"name":{"type":"string","description_kind":"plain","required":true},"values":{"type":["list","string"],"description_kind":"plain","required":true}},"description_kind":"plain"}},"query":{"nesting_mode":"set","block":{"attributes":{"name":{"type":"string","description_kind":"plain","required":true},"values":{"type":["list","string"],"description_kind":"plain","required":true}},"description_kind":"plain"}}},"description_kind":"plain"}},"query":{"nesting_mode":"set","block":{"attributes":{"name":{"type":"string","description_kind":"plain","required":true},"values":{"type":["list","string"],"description_kind":"plain","required":true}},"description_kind":"plain"}}},"description_kind":"plain"}}},"description_kind":"plain"}},"route":{"nesting_mode":"list","block":{"attributes":{"group":{"type":"string","description_kind":"plain","optional":true},"terminal":{"type":"bool","description_kind":"plain","optional":true}},"block_types":{"handle":{"nesting_mode":"list","block":{"block_types":{"file_server":{"nesting_mode":"set","block":{"attributes":{"canonical_uris":{"type":"bool","description_kind":"plain","optional":true},"hide":{"type":["list","string"],"description_kind":"plain","optional":true},"index_names":{"type":["list","string"],"description_kind":"plain","optional":true},"pass_thru":{"type":"bool","description_kind":"plain","optional":true},"root":{"type":"string","description_kind":"plain","optional":true}},"description_kind":"plain"},"max_items":1},"request_body":{"nesting_mode":"set","block":{"attributes":{"max_size":{"type":"number","description_kind":"plain","required":true}},"description_kind":"plain"},"max_items":1},"reverse_proxy":{"nesting_mode":"set","block":{"block_types":{"upstream":{"nesting_mode":"list","block":{"attributes":{"dial":{"type":"string","description_kind":"plain","optional":true}},"description_kind":"plain"},"min_items":1}},"description_kind":"plain"},"max_items":1},"static_response":{"nesting_mode":"set","block":{"attributes":{"body":{"type":"string","description_kind":"plain","optional":true},"close":{"type":"bool","description_kind":"plain","optional":true},"status_code":{"type":"string","description_kind":"plain","optional":true}},"block_types":{"header":{"nesting_mode":"set","block":{"attributes":{"name":{"type":"string","description_kind":"plain","required":true},"values":{"type":["list","string"],"description_kind":"plain","required":true}},"description_kind":"plain"}}},"description_kind":"plain"},"max_items":1},"templates":{"nesting_mode":"set","block":{"attributes":{"delimiters":{"type":["list","string"],"description_kind":"plain","optional":true},"file_root":{"type":"string","description_kind":"plain","optional":true},"mime_types":{"type":["list","string"],"description_kind":"plain","optional":true}},"description_kind":"plain"},"max_items":1}},"description_kind":"plain"}},"match":{"nesting_mode":"list","block":{"attributes":{"host":{"type":["list","string"],"description_kind":"plain","optional":true},"method":{"type":["list","string"],"description_kind":"plain","optional":true},"path":{"type":["list","string"],"description_kind":"plain","optional":true}},"block_types":{"header":{"nesting_mode":"set","block":{"attributes":{"name":{"type":"string","description_kind":"plain","required":true},"values":{"type":["list","string"],"description_kind":"plain","required":true}},"description_kind":"plain"}},"not":{"nesting_mode":"list","block":{"attributes":{"host":{"type":["list","string"],"description_kind":"plain","optional":true},"method":{"type":["list","string"],"description_kind":"plain","optional":true},"path":{"type":["list","string"],"description_kind":"plain","optional":true}},"block_types":{"header":{"nesting_mode":"set","block":{"attributes":{"name":{"type":"string","description_kind":"plain","required":true},"values":{"type":["list","string"],"description_kind":"plain","required":true}},"description_kind":"plain"}},"query":{"nesting_mode":"set","block":{"attributes":{"name":{"type":"string","description_kind":"plain","required":true},"values":{"type":["list","string"],"description_kind":"plain","required":true}},"description_kind":"plain"}}},"description_kind":"plain"}},"query":{"nesting_mode":"set","block":{"attributes":{"name":{"type":"string","description_kind":"plain","required":true},"values":{"type":["list","string"],"description_kind":"plain","required":true}},"description_kind":"plain"}}},"description_kind":"plain"}}},"description_kind":"plain"}}},"description_kind":"plain"},"max_items":1},"templates":{"nesting_mode":"set","block":{"attributes":{"delimiters":{"type":["list","string"],"description_kind":"plain","optional":true},"file_root":{"type":"string","description_kind":"plain","optional":true},"mime_types":{"type":["list","string"],"description_kind":"plain","optional":true}},"description_kind":"plain"},"max_items":1}},"description_kind":"plain"}},"match":{"nesting_mode":"list","block":{"attributes":{"host":{"type":["list","string"],"description_kind":"plain","optional":true},"method":{"type":["list","string"],"description_kind":"plain","optional":true},"path":{"type":["list","string"],"description_kind":"plain","optional":true}},"block_types":{"header":{"nesting_mode":"set","block":{"attributes":{"name":{"type":"string","description_kind":"plain","required":true},"values":{"type":["list","string"],"description_kind":"plain","required":true}},"description_kind":"plain"}},"not":{"nesting_mode":"list","block":{"attributes":{"host":{"type":["list","string"],"description_kind":"plain","optional":true},"method":{"type":["list","string"],"description_kind":"plain","optional":true},"path":{"type":["list","string"],"description_kind":"plain","optional":true}},"block_types":{"header":{"nesting_mode":"set","block":{"attributes":{"name":{"type":"string","description_kind":"plain","required":true},"values":{"type":["list","string"],"description_kind":"plain","required":true}},"description_kind":"plain"}},"query":{"nesting_mode":"set","block":{"attributes":{"name":{"type":"string","description_kind":"plain","required":true},"values":{"type":["list","string"],"description_kind":"plain","required":true}},"description_kind":"plain"}}},"description_kind":"plain"}},"query":{"nesting_mode":"set","block":{"attributes":{"name":{"type":"string","description_kind":"plain","required":true},"values":{"type":["list","string"],"description_kind":"plain","required":true}},"description_kind":"plain"}}},"description_kind":"plain"}}},"description_kind":"plain"}}},"description_kind":"plain"},"max_items":1},"templates":{"nesting_mode":"set","block":{"attributes":{"delimiters":{"type":["list","string"],"description_kind":"plain","optional":true},"file_root":{"type":"string","description_kind":"plain","optional":true},"mime_types":{"type":["list","string"],"description_kind":"plain","optional":true}},"description_kind":"plain"},"max_items":1}},"description_kind":"plain"}},"match":{"nesting_mode":"list","block":{"attributes":{"host":{"type":["list","string"],"description_kind":"plain","optional":true},"method":{"type":["list","string"],"description_kind":"plain","optional":true},"path":{"type":["list","string"],"description_kind":"plain","optional":true}},"block_types":{"header":{"nesting_mode":"set","block":{"attributes":{"name":{"type":"string","description_kind":"plain","required":true},"values":{"type":["list","string"],"description_kind":"plain","required":true}},"description_kind":"plain"}},"not":{"nesting_mode":"list","block":{"attributes":{"host":{"type":["list","string"],"description_kind":"plain","optional":true},"method":{"type":["list","string"],"description_kind":"plain","optional":true},"path":{"type":["list","string"],"description_kind":"plain","optional":true}},"block_types":{"header":{"nesting_mode":"set","block":{"attributes":{"name":{"type":"string","description_kind":"plain","required":true},"values":{"type":["list","string"],"description_kind":"plain","required":true}},"description_kind":"plain"}},"query":{"nesting_mode":"set","block":{"attributes":{"name":{"type":"string","description_kind":"plain","required":true},"values":{"type":["list","string"],"description_kind":"plain","required":true}},"description_kind":"plain"}}},"description_kind":"plain"}},"query":{"nesting_mode":"set","block":{"attributes":{"name":{"type":"string","description_kind":"plain","required":true},"values":{"type":["list","string"],"description_kind":"plain","required":true}},"description_kind":"plain"}}},"description_kind":"plain"}}},"description_kind":"plain"}},"route":{"nesting_mode":"list","block":{"attributes":{"group":{"type":"string","description_kind":"plain","optional":true},"terminal":{"type":"bool","description_kind":"plain","optional":true}},"block_types":{"handle":{"nesting_mode":"list","block":{"block_types":{"file_server":{"nesting_mode":"set","block":{"attributes":{"canonical_uris":{"type":"bool","description_kind":"plain","optional":true},"hide":{"type":["list","string"],"description_kind":"plain","optional":true},"index_names":{"type":["list","string"],"description_kind":"plain","optional":true},"pass_thru":{"type":"bool","description_kind":"plain","optional":true},"root":{"type":"string","description_kind":"plain","optional":true}},"description_kind":"plain"},"max_items":1},"request_body":{"nesting_mode":"set","block":{"attributes":{"max_size":{"type":"number","description_kind":"plain","required":true}},"description_kind":"plain"},"max_items":1},"reverse_proxy":{"nesting_mode":"set","block":{"block_types":{"upstream":{"nesting_mode":"list","block":{"attributes":{"dial":{"type":"string","description_kind":"plain","optional":true}},"description_kind":"plain"},"min_items":1}},"description_kind":"plain"},"max_items":1},"static_response":{"nesting_mode":"set","block":{"attributes":{"body":{"type":"string","description_kind":"plain","optional":true},"close":{"type":"bool","description_kind":"plain","optional":true},"status_code":{"type":"string","description_kind":"plain","optional":true}},"block_types":{"header":{"nesting_mode":"set","block":{"attributes":{"name":{"type":"string","description_kind":"plain","required":true},"values":{"type":["list","string"],"description_kind":"plain","required":true}},"description_kind":"plain"}}},"description_kind":"plain"},"max_items":1},"subroute":{"nesting_mode":"set","block":{"block_types":{"error":{"nesting_mode":"list","block":{"attributes":{"group":{"type":"string","description_kind":"plain","optional":true},"terminal":{"type":"bool","description_kind":"plain","optional":true}},"block_types":{"handle":{"nesting_mode":"list","block":{"block_types":{"file_server":{"nesting_mode":"set","block":{"attributes":{"canonical_uris":{"type":"bool","description_kind":"plain","optional":true},"hide":{"type":["list","string"],"description_kind":"plain","optional":true},"index_names":{"type":["list","string"],"description_kind":"plain","optional":true},"pass_thru":{"type":"bool","description_kind":"plain","optional":true},"root":{"type":"string","description_kind":"plain","optional":true}},"description_kind":"plain"},"max_items":1},"request_body":{"nesting_mode":"set","block":{"attributes":{"max_size":{"type":"number","description_kind":"plain","required":true}},"description_kind":"plain"},"max_items":1},"reverse_proxy":{"nesting_mode":"set","block":{"block_types":{"upstream":{"nesting_mode":"list","block":{"attributes":{"dial":{"type":"string","description_kind":"plain","optional":true}},"description_kind":"plain"},"min_items":1}},"description_kind":"plain"},"max_items":1},"static_response":{"nesting_mode":"set","block":{"attributes":{"body":{"type":"string","description_kind":"plain","optional":true},"close":{"type":"bool","description_kind":"plain","optional":true},"status_code":{"type":"string","description_kind":"plain","optional":true}},"block_types":{"header":{"nesting_mode":"set","block":{"attributes":{"name":{"type":"string","description_kind":"plain","required":true},"values":{"type":["list","string"],"description_kind":"plain","required":true}},"description_kind":"plain"}}},"description_kind":"plain"},"max_items":1},"subroute":{"nesting_mode":"set","block":{"block_types":{"error":{"nesting_mode":"list","block":{"attributes":{"group":{"type":"string","description_kind":"plain","optional":true},"terminal":{"type":"bool","description_kind":"plain","optional":true}},"block_types":{"handle":{"nesting_mode":"list","block":{"block_types":{"file_server":{"nesting_mode":"set","block":{"attributes":{"canonical_uris":{"type":"bool","description_kind":"plain","optional":true},"hide":{"type":["list","string"],"description_kind":"plain","optional":true},"index_names":{"type":["list","string"],"description_kind":"plain","optional":true},"pass_thru":{"type":"bool","description_kind":"plain","optional":true},"root":{"type":"string","description_kind":"plain","optional":true}},"description_kind":"plain"},"max_items":1},"request_body":{"nesting_mode":"set","block":{"attributes":{"max_size":{"type":"number","description_kind":"plain","required":true}},"description_kind":"plain"},"max_items":1},"reverse_proxy":{"nesting_mode":"set","block":{"block_types":{"upstream":{"nesting_mode":"list","block":{"attributes":{"dial":{"type":"string","description_kind":"plain","optional":true}},"description_kind":"plain"},"min_items":1}},"description_kind":"plain"},"max_items":1},"static_response":{"nesting_mode":"set","block":{"attributes":{"body":{"type":"string","description_kind":"plain","optional":true},"close":{"type":"bool","description_kind":"plain","optional":true},"status_code":{"type":"string","description_kind":"plain","optional":true}},"block_types":{"header":{"nesting_mode":"set","block":{"attributes":{"name":{"type":"string","description_kind":"plain","required":true},"values":{"type":["list","string"],"description_kind":"plain","required":true}},"description_kind":"plain"}}},"description_kind":"plain"},"max_items":1},"templates":{"nesting_mode":"set","block":{"attributes":{"delimiters":{"type":["list","string"],"description_kind":"plain","optional":true},"file_root":{"type":"string","description_kind":"plain","optional":true},"mime_types":{"type":["list","string"],"description_kind":"plain","optional":true}},"description_kind":"plain"},"max_items":1}},"description_kind":"plain"}},"match":{"nesting_mode":"list","block":{"attributes":{"host":{"type":["list","string"],"description_kind":"plain","optional":true},"method":{"type":["list","string"],"description_kind":"plain","optional":true},"path":{"type":["list","string"],"description_kind":"plain","optional":true}},"block_types":{"header":{"nesting_mode":"set","block":{"attributes":{"name":{"type":"string","description_kind":"plain","required":true},"values":{"type":["list","string"],"description_kind":"plain","required":true}},"description_kind":"plain"}},"not":{"nesting_mode":"list","block":{"attributes":{"host":{"type":["list","string"],"description_kind":"plain","optional":true},"method":{"type":["list","string"],"description_kind":"plain","optional":true},"path":{"type":["list","string"],"description_kind":"plain","optional":true}},"block_types":{"header":{"nesting_mode":"set","block":{"attributes":{"name":{"type":"string","description_kind":"plain","required":true},"values":{"type":["list","string"],"description_kind":"plain","required":true}},"description_kind":"plain"}},"query":{"nesting_mode":"set","block":{"attributes":{"name":{"type":"string","description_kind":"plain","required":true},"values":{"type":["list","string"],"description_kind":"plain","required":true}},"description_kind":"plain"}}},"description_kind":"plain"}},"query":{"nesting_mode":"set","block":{"attributes":{"name":{"type":"string","description_kind":"plain","required":true},"values":{"type":["list","string"],"description_kind":"plain","required":true}},"description_kind":"plain"}}},"description_kind":"plain"}}},"description_kind":"plain"}},"route":{"nesting_mode":"list","block":{"attributes":{"group":{"type":"string","description_kind":"plain","optional":true},"terminal":{"type":"bool","description_kind":"plain","optional":true}},"block_types":{"handle":{"nesting_mode":"list","block":{"block_types":{"file_server":{"nesting_mode":"set","block":{"attributes":{"canonical_uris":{"type":"bool","description_kind":"plain","optional":true},"hide":{"type":["list","string"],"description_kind":"plain","optional":true},"index_names":{"type":["list","string"],"description_kind":"plain","optional":true},"pass_thru":{"type":"bool","description_kind":"plain","optional":true},"root":{"type":"string","description_kind":"plain","optional":true}},"description_kind":"plain"},"max_items":1},"request_body":{"nesting_mode":"set","block":{"attributes":{"max_size":{"type":"number","description_kind":"plain","required":true}},"description_kind":"plain"},"max_items":1},"reverse_proxy":{"nesting_mode":"set","block":{"block_types":{"upstream":{"nesting_mode":"list","block":{"attributes":{"dial":{"type":"string","description_kind":"plain","optional":true}},"description_kind":"plain"},"min_items":1}},"description_kind":"plain"},"max_items":1},"static_response":{"nesting_mode":"set","block":{"attributes":{"body":{"type":"string","description_kind":"plain","optional":true},"close":{"type":"bool","description_kind":"plain","optional":true},"status_code":{"type":"string","description_kind":"plain","optional":true}},"block_types":{"header":{"nesting_mode":"set","block":{"attributes":{"name":{"type":"string","description_kind":"plain","required":true},"values":{"type":["list","string"],"description_kind":"plain","required":true}},"description_kind":"plain"}}},"description_kind":"plain"},"max_items":1},"templates":{"nesting_mode":"set","block":{"attributes":{"delimiters":{"type":["list","string"],"description_kind":"plain","optional":true},"file_root":{"type":"string","description_kind":"plain","optional":true},"mime_types":{"type":["list","string"],"description_kind":"plain","optional":true}},"description_kind":"plain"},"max_items":1}},"description_kind":"plain"}},"match":{"nesting_mode":"list","block":{"attributes":{"host":{"type":["list","string"],"description_kind":"plain","optional":true},"method":{"type":["list","string"],"description_kind":"plain","optional":true},"path":{"type":["list","string"],"description_kind":"plain","optional":true}},"block_types":{"header":{"nesting_mode":"set","block":{"attributes":{"name":{"type":"string","description_kind":"plain","required":true},"values":{"type":["list","string"],"description_kind":"plain","required":true}},"description_kind":"plain"}},"not":{"nesting_mode":"list","block":{"attributes":{"host":{"type":["list","string"],"description_kind":"plain","optional":true},"method":{"type":["list","string"],"description_kind":"plain","optional":true},"path":{"type":["list","string"],"description_kind":"plain","optional":true}},"block_types":{"header":{"nesting_mode":"set","block":{"attributes":{"name":{"type":"string","description_kind":"plain","required":true},"values":{"type":["list","string"],"description_kind":"plain","required":true}},"description_kind":"plain"}},"query":{"nesting_mode":"set","block":{"attributes":{"name":{"type":"string","description_kind":"plain","required":true},"values":{"type":["list","string"],"description_kind":"plain","required":true}},"description_kind":"plain"}}},"description_kind":"plain"}},"query":{"nesting_mode":"set","block":{"attributes":{"name":{"type":"string","description_kind":"plain","required":true},"values":{"type":["list","string"],"description_kind":"plain","required":true}},"description_kind":"plain"}}},"description_kind":"plain"}}},"description_kind":"plain"}}},"description_kind":"plain"},"max_items":1},"templates":{"nesting_mode":"set","block":{"attributes":{"delimiters":{"type":["list","string"],"description_kind":"plain","optional":true},"file_root":{"type":"string","description_kind":"plain","optional":true},"mime_types":{"type":["list","string"],"description_kind":"plain","optional":true}},"description_kind":"plain"},"max_items":1}},"description_kind":"plain"}},"match":{"nesting_mode":"list","block":{"attributes":{"host":{"type":["list","string"],"description_kind":"plain","optional":true},"method":{"type":["list","string"],"description_kind":"plain","optional":true},"path":{"type":["list","string"],"description_kind":"plain","optional":true}},"block_types":{"header":{"nesting_mode":"set","block":{"attributes":{"name":{"type":"string","description_kind":"plain","required":true},"values":{"type":["list","string"],"description_kind":"plain","required":true}},"description_kind":"plain"}},"not":{"nesting_mode":"list","block":{"attributes":{"host":{"type":["list","string"],"description_kind":"plain","optional":true},"method":{"type":["list","string"],"description_kind":"plain","optional":true},"path":{"type":["list","string"],"description_kind":"plain","optional":true}},"block_types":{"header":{"nesting_mode":"set","block":{"attributes":{"name":{"type":"string","description_kind":"plain","required":true},"values":{"type":["list","string"],"description_kind":"plain","required":true}},"description_kind":"plain"}},"query":{"nesting_mode":"set","block":{"attributes":{"name":{"type":"string","description_kind":"plain","required":true},"values":{"type":["list","string"],"description_kind":"plain","required":true}},"description_kind":"plain"}}},"description_kind":"plain"}},"query":{"nesting_mode":"set","block":{"attributes":{"name":{"type":"string","description_kind":"plain","required":true},"values":{"type":["list","string"],"description_kind":"plain","required":true}},"description_kind":"plain"}}},"description_kind":"plain"}}},"description_kind":"plain"}},"route":{"nesting_mode":"list","block":{"attributes":{"group":{"type":"string","description_kind":"plain","optional":true},"terminal":{"type":"bool","description_kind":"plain","optional":true}},"block_types":{"handle":{"nesting_mode":"list","block":{"block_types":{"file_server":{"nesting_mode":"set","block":{"attributes":{"canonical_uris":{"type":"bool","description_kind":"plain","optional":true},"hide":{"type":["list","string"],"description_kind":"plain","optional":true},"index_names":{"type":["list","string"],"description_kind":"plain","optional":true},"pass_thru":{"type":"bool","description_kind":"plain","optional":true},"root":{"type":"string","description_kind":"plain","optional":true}},"description_kind":"plain"},"max_items":1},"request_body":{"nesting_mode":"set","block":{"attributes":{"max_size":{"type":"number","description_kind":"plain","required":true}},"description_kind":"plain"},"max_items":1},"reverse_proxy":{"nesting_mode":"set","block":{"block_types":{"upstream":{"nesting_mode":"list","block":{"attributes":{"dial":{"type":"string","description_kind":"plain","optional":true}},"description_kind":"plain"},"min_items":1}},"description_kind":"plain"},"max_items":1},"static_response":{"nesting_mode":"set","block":{"attributes":{"body":{"type":"string","description_kind":"plain","optional":true},"close":{"type":"bool","description_kind":"plain","optional":true},"status_code":{"type":"string","description_kind":"plain","optional":true}},"block_types":{"header":{"nesting_mode":"set","block":{"attributes":{"name":{"type":"string","description_kind":"plain","required":true},"values":{"type":["list","string"],"description_kind":"plain","required":true}},"description_kind":"plain"}}},"description_kind":"plain"},"max_items":1},"subroute":{"nesting_mode":"set","block":{"block_types":{"error":{"nesting_mode":"list","block":{"attributes":{"group":{"type":"string","description_kind":"plain","optional":true},"terminal":{"type":"bool","description_kind":"plain","optional":true}},"block_types":{"handle":{"nesting_mode":"list","block":{"block_types":{"file_server":{"nesting_mode":"set","block":{"attributes":{"canonical_uris":{"type":"bool","description_kind":"plain","optional":true},"hide":{"type":["list","string"],"description_kind":"plain","optional":true},"index_names":{"type":["list","string"],"description_kind":"plain","optional":true},"pass_thru":{"type":"bool","description_kind":"plain","optional":true},"root":{"type":"string","description_kind":"plain","optional":true}},"description_kind":"plain"},"max_items":1},"request_body":{"nesting_mode":"set","block":{"attributes":{"max_size":{"type":"number","description_kind":"plain","required":true}},"description_kind":"plain"},"max_items":1},"reverse_proxy":{"nesting_mode":"set","block":{"block_types":{"upstream":{"nesting_mode":"list","block":{"attributes":{"dial":{"type":"string","description_kind":"plain","optional":true}},"description_kind":"plain"},"min_items":1}},"description_kind":"plain"},"max_items":1},"static_response":{"nesting_mode":"set","block":{"attributes":{"body":{"type":"string","description_kind":"plain","optional":true},"close":{"type":"bool","description_kind":"plain","optional":true},"status_code":{"type":"string","description_kind":"plain","optional":true}},"block_types":{"header":{"nesting_mode":"set","block":{"attributes":{"name":{"type":"string","description_kind":"plain","required":true},"values":{"type":["list","string"],"description_kind":"plain","required":true}},"description_kind":"plain"}}},"description_kind":"plain"},"max_items":1},"templates":{"nesting_mode":"set","block":{"attributes":{"delimiters":{"type":["list","string"],"description_kind":"plain","optional":true},"file_root":{"type":"string","description_kind":"plain","optional":true},"mime_types":{"type":["list","string"],"description_kind":"plain","optional":true}},"description_kind":"plain"},"max_items":1}},"description_kind":"plain"}},"match":{"nesting_mode":"list","block":{"attributes":{"host":{"type":["list","string"],"description_kind":"plain","optional":true},"method":{"type":["list","string"],"description_kind":"plain","optional":true},"path":{"type":["list","string"],"description_kind":"plain","optional":true}},"block_types":{"header":{"nesting_mode":"set","block":{"attributes":{"name":{"type":"string","description_kind":"plain","required":true},"values":{"type":["list","string"],"description_kind":"plain","required":true}},"description_kind":"plain"}},"not":{"nesting_mode":"list","block":{"attributes":{"host":{"type":["list","string"],"description_kind":"plain","optional":true},"method":{"type":["list","string"],"description_kind":"plain","optional":true},"path":{"type":["list","string"],"description_kind":"plain","optional":true}},"block_types":{"header":{"nesting_mode":"set","block":{"attributes":{"name":{"type":"string","description_kind":"plain","required":true},"values":{"type":["list","string"],"description_kind":"plain","required":true}},"description_kind":"plain"}},"query":{"nesting_mode":"set","block":{"attributes":{"name":{"type":"string","description_kind":"plain","required":true},"values":{"type":["list","string"],"description_kind":"plain","required":true}},"description_kind":"plain"}}},"description_kind":"plain"}},"query":{"nesting_mode":"set","block":{"attributes":{"name":{"type":"string","description_kind":"plain","required":true},"values":{"type":["list","string"],"description_kind":"plain","required":true}},"description_kind":"plain"}}},"description_kind":"plain"}}},"description_kind":"plain"}},"route":{"nesting_mode":"list","block":{"attributes":{"group":{"type":"string","description_kind":"plain","optional":true},"terminal":{"type":"bool","description_kind":"plain","optional":true}},"block_types":{"handle":{"nesting_mode":"list","block":{"block_types":{"file_server":{"nesting_mode":"set","block":{"attributes":{"canonical_uris":{"type":"bool","description_kind":"plain","optional":true},"hide":{"type":["list","string"],"description_kind":"plain","optional":true},"index_names":{"type":["list","string"],"description_kind":"plain","optional":true},"pass_thru":{"type":"bool","description_kind":"plain","optional":true},"root":{"type":"string","description_kind":"plain","optional":true}},"description_kind":"plain"},"max_items":1},"request_body":{"nesting_mode":"set","block":{"attributes":{"max_size":{"type":"number","description_kind":"plain","required":true}},"description_kind":"plain"},"max_items":1},"reverse_proxy":{"nesting_mode":"set","block":{"block_types":{"upstream":{"nesting_mode":"list","block":{"attributes":{"dial":{"type":"string","description_kind":"plain","optional":true}},"description_kind":"plain"},"min_items":1}},"description_kind":"plain"},"max_items":1},"static_response":{"nesting_mode":"set","block":{"attributes":{"body":{"type":"string","description_kind":"plain","optional":true},"close":{"type":"bool","description_kind":"plain","optional":true},"status_code":{"type":"string","description_kind":"plain","optional":true}},"block_types":{"header":{"nesting_mode":"set","block":{"attributes":{"name":{"type":"string","description_kind":"plain","required":true},"values":{"type":["list","string"],"description_kind":"plain","required":true}},"description_kind":"plain"}}},"description_kind":"plain"},"max_items":1},"templates":{"nesting_mode":"set","block":{"attributes":{"delimiters":{"type":["list","string"],"description_kind":"plain","optional":true},"file_root":{"type":"string","description_kind":"plain","optional":true},"mime_types":{"type":["list","string"],"description_kind":"plain","optional":true}},"description_kind":"plain"},"max_items":1}},"description_kind":"plain"}},"match":{"nesting_mode":"list","block":{"attributes":{"host":{"type":["list","string"],"description_kind":"plain","optional":true},"method":{"type":["list","string"],"description_kind":"plain","optional":true},"path":{"type":["list","string"],"description_kind":"plain","optional":true}},"block_types":{"header":{"nesting_mode":"set","block":{"attributes":{"name":{"type":"string","description_kind":"plain","required":true},"values":{"type":["list","string"],"description_kind":"plain","required":true}},"description_kind":"plain"}},"not":{"nesting_mode":"list","block":{"attributes":{"host":{"type":["list","string"],"description_kind":"plain","optional":true},"method":{"type":["list","string"],"description_kind":"plain","optional":true},"path":{"type":["list","string"],"description_kind":"plain","optional":true}},"block_types":{"header":{"nesting_mode":"set","block":{"attributes":{"name":{"type":"string","description_kind":"plain","required":true},"values":{"type":["list","string"],"description_kind":"plain","required":true}},"description_kind":"plain"}},"query":{"nesting_mode":"set","block":{"attributes":{"name":{"type":"string","description_kind":"plain","required":true},"values":{"type":["list","string"],"description_kind":"plain","required":true}},"description_kind":"plain"}}},"description_kind":"plain"}},"query":{"nesting_mode":"set","block":{"attributes":{"name":{"type":"string","description_kind":"plain","required":true},"values":{"type":["list","string"],"description_kind":"plain","required":true}},"description_kind":"plain"}}},"description_kind":"plain"}}},"description_kind":"plain"}}},"description_kind":"plain"},"max_items":1},"templates":{"nesting_mode":"set","block":{"attributes":{"delimiters":{"type":["list","string"],"description_kind":"plain","optional":true},"file_root":{"type":"string","description_kind":"plain","optional":true},"mime_types":{"type":["list","string"],"description_kind":"plain","optional":true}},"description_kind":"plain"},"max_items":1}},"description_kind":"plain"}},"match":{"nesting_mode":"list","block":{"attributes":{"host":{"type":["list","string"],"description_kind":"plain","optional":true},"method":{"type":["list","string"],"description_kind":"plain","optional":true},"path":{"type":["list","string"],"description_kind":"plain","optional":true}},"block_types":{"header":{"nesting_mode":"set","block":{"attributes":{"name":{"type":"string","description_kind":"plain","required":true},"values":{"type":["list","string"],"description_kind":"plain","required":true}},"description_kind":"plain"}},"not":{"nesting_mode":"list","block":{"attributes":{"host":{"type":["list","string"],"description_kind":"plain","optional":true},"method":{"type":["list","string"],"description_kind":"plain","optional":true},"path":{"type":["list","string"],"description_kind":"plain","optional":true}},"block_types":{"header":{"nesting_mode":"set","block":{"attributes":{"name":{"type":"string","description_kind":"plain","required":true},"values":{"type":["list","string"],"description_kind":"plain","required":true}},"description_kind":"plain"}},"query":{"nesting_mode":"set","block":{"attributes":{"name":{"type":"string","description_kind":"plain","required":true},"values":{"type":["list","string"],"description_kind":"plain","required":true}},"description_kind":"plain"}}},"description_kind":"plain"}},"query":{"nesting_mode":"set","block":{"attributes":{"name":{"type":"string","description_kind":"plain","required":true},"values":{"type":["list","string"],"description_kind":"plain","required":true}},"description_kind":"plain"}}},"description_kind":"plain"}}},"description_kind":"plain"}}},"description_kind":"plain"},"max_items":1},"templates":{"nesting_mode":"set","block":{"attributes":{"delimiters":{"type":["list","string"],"description_kind":"plain","optional":true},"file_root":{"type":"string","description_kind":"plain","optional":true},"mime_types":{"type":["list","string"],"description_kind":"plain","optional":true}},"description_kind":"plain"},"max_items":1}},"description_kind":"plain"}},"match":{"nesting_mode":"list","block":{"attributes":{"host":{"type":["list","string"],"description_kind":"plain","optional":true},"method":{"type":["list","string"],"description_kind":"plain","optional":true},"path":{"type":["list","string"],"description_kind":"plain","optional":true}},"block_types":{"header":{"nesting_mode":"set","block":{"attributes":{"name":{"type":"string","description_kind":"plain","required":true},"values":{"type":["list","string"],"description_kind":"plain","required":true}},"description_kind":"plain"}},"not":{"nesting_mode":"list","block":{"attributes":{"host":{"type":["list","string"],"description_kind":"plain","optional":true},"method":{"type":["list","string"],"description_kind":"plain","optional":true},"path":{"type":["list","string"],"description_kind":"plain","optional":true}},"block_types":{"header":{"nesting_mode":"set","block":{"attributes":{"name":{"type":"string","description_kind":"plain","required":true},"values":{"type":["list","string"],"description_kind":"plain","required":true}},"description_kind":"plain"}},"query":{"nesting_mode":"set","block":{"attributes":{"name":{"type":"string","description_kind":"plain","required":true},"values":{"type":["list","string"],"description_kind":"plain","required":true}},"description_kind":"plain"}}},"description_kind":"plain"}},"query":{"nesting_mode":"set","block":{"attributes":{"name":{"type":"string","description_kind":"plain","required":true},"values":{"type":["list","string"],"description_kind":"plain","required":true}},"description_kind":"plain"}}},"description_kind":"plain"}}},"description_kind":"plain"}}},"description_kind":"plain"},"max_items":1},"templates":{"nesting_mode":"set","block":{"attributes":{"delimiters":{"type":["list","string"],"description_kind":"plain","optional":true},"file_root":{"type":"string","description_kind":"plain","optional":true},"mime_types":{"type":["list","string"],"description_kind":"plain","optional":true}},"description_kind":"plain"},"max_items":1}},"description_kind":"plain"}},"match":{"nesting_mode":"list","block":{"attributes":{"host":{"type":["list","string"],"description_kind":"plain","optional":true},"method":{"type":["list","string"],"description_kind":"plain","optional":true},"path":{"type":["list","string"],"description_kind":"plain","optional":true}},"block_types":{"header":{"nesting_mode":"set","block":{"attributes":{"name":{"type":"string","description_kind":"plain","required":true},"values":{"type":["list","string"],"description_kind":"plain","required":true}},"description_kind":"plain"}},"not":{"nesting_mode":"list","block":{"attributes":{"host":{"type":["list","string"],"description_kind":"plain","optional":true},"method":{"type":["list","string"],"description_kind":"plain","optional":true},"path":{"type":["list","string"],"description_kind":"plain","optional":true}},"block_types":{"header":{"nesting_mode":"set","block":{"attributes":{"name":{"type":"string","description_kind":"plain","required":true},"values":{"type":["list","string"],"description_kind":"plain","required":true}},"description_kind":"plain"}},"query":{"nesting_mode":"set","block":{"attributes":{"name":{"type":"string","description_kind":"plain","required":true},"values":{"type":["list","string"],"description_kind":"plain","required":true}},"description_kind":"plain"}}},"description_kind":"plain"}},"query":{"nesting_mode":"set","block":{"attributes":{"name":{"type":"string","description_kind":"plain","required":true},"values":{"type":["list","string"],"description_kind":"plain","required":true}},"description_kind":"plain"}}},"description_kind":"plain"}}},"description_kind":"plain"}}},"description_kind":"plain"},"max_items":1},"templates":{"nesting_mode":"set","block":{"attributes":{"delimiters":{"type":["list","string"],"description_kind":"plain","optional":true},"file_root":{"type":"string","description_kind":"plain","optional":true},"mime_types":{"type":["list","string"],"description_kind":"plain","optional":true}},"description_kind":"plain"},"max_items":1}},"description_kind":"plain"}},"match":{"nesting_mode":"list","block":{"attributes":{"host":{"type":["list","string"],"description_kind":"plain","optional":true},"method":{"type":["list","string"],"description_kind":"plain","optional":true},"path":{"type":["list","string"],"description_kind":"plain","optional":true}},"block_types":{"header":{"nesting_mode":"set","block":{"attributes":{"name":{"type":"string","description_kind":"plain","required":true},"values":{"type":["list","string"],"description_kind":"plain","required":true}},"description_kind":"plain"}},"not":{"nesting_mode":"list","block":{"attributes":{"host":{"type":["list","string"],"description_kind":"plain","optional":true},"method":{"type":["list","string"],"description_kind":"plain","optional":true},"path":{"type":["list","string"],"description_kind":"plain","optional":true}},"block_types":{"header":{"nesting_mode":"set","block":{"attributes":{"name":{"type":"string","description_kind":"plain","required":true},"values":{"type":["list","string"],"description_kind":"plain","required":true}},"description_kind":"plain"}},"query":{"nesting_mode":"set","block":{"attributes":{"name":{"type":"string","description_kind":"plain","required":true},"values":{"type":["list","string"],"description_kind":"plain","required":true}},"description_kind":"plain"}}},"description_kind":"plain"}},"query":{"nesting_mode":"set","block":{"attributes":{"name":{"type":"string","description_kind":"plain","required":true},"values":{"type":["list","string"],"description_kind":"plain","required":true}},"description_kind":"plain"}}},"description_kind":"plain"}}},"description_kind":"plain"}}},"description_kind":"plain"},"max_items":1},"templates":{"nesting_mode":"set","block":{"attributes":{"delimiters":{"type":["list","string"],"description_kind":"plain","optional":true},"file_root":{"type":"string","description_kind":"plain","optional":true},"mime_types":{"type":["list","string"],"description_kind":"plain","optional":true}},"description_kind":"plain"},"max_items":1}},"description_kind":"plain"}},"match":{"nesting_mode":"list","block":{"attributes":{"host":{"type":["list","string"],"description_kind":"plain","optional":true},"method":{"type":["list","string"],"description_kind":"plain","optional":true},"path":{"type":["list","string"],"description_kind":"plain","optional":true}},"block_types":{"header":{"nesting_mode":"set","block":{"attributes":{"name":{"type":"string","description_kind":"plain","required":true},"values":{"type":["list","string"],"description_kind":"plain","required":true}},"description_kind":"plain"}},"not":{"nesting_mode":"list","block":{"attributes":{"host":{"type":["list","string"],"description_kind":"plain","optional":true},"method":{"type":["list","string"],"description_kind":"plain","optional":true},"path":{"type":["list","string"],"description_kind":"plain","optional":true}},"block_types":{"header":{"nesting_mode":"set","block":{"attributes":{"name":{"type":"string","description_kind":"plain","required":true},"values":{"type":["list","string"],"description_kind":"plain","required":true}},"description_kind":"plain"}},"query":{"nesting_mode":"set","block":{"attributes":{"name":{"type":"string","description_kind":"plain","required":true},"values":{"type":["list","string"],"description_kind":"plain","required":true}},"description_kind":"plain"}}},"description_kind":"plain"}},"query":{"nesting_mode":"set","block":{"attributes":{"name":{"type":"string","description_kind":"plain","required":true},"values":{"type":["list","string"],"description_kind":"plain","required":true}},"description_kind":"plain"}}},"description_kind":"plain"}}},"description_kind":"plain"}}}}}}
