{"format_version":"0.2","provider_schemas":{"registry.terraform.io/contentsquare/zookeeper":{"provider":{"version":0,"block":{"attributes":{"host":{"type":"string","description_kind":"plain","optional":true},"port":{"type":"number","description_kind":"plain","optional":true}},"description_kind":"plain"}},"resource_schemas":{"zookeeper_node":{"version":0,"block":{"attributes":{"data":{"type":"string","description_kind":"plain","optional":true},"id":{"type":"string","description_kind":"plain","optional":true,"computed":true},"path":{"type":"string","description_kind":"plain","required":true},"zxid":{"type":"number","description_kind":"plain","computed":true}},"description_kind":"plain"}}},"data_source_schemas":{"zookeeper_node":{"version":0,"block":{"attributes":{"data":{"type":["list",["object",{"data":"string","zxid":"number"}]],"description_kind":"plain","computed":true},"id":{"type":"string","description_kind":"plain","optional":true,"computed":true},"path":{"type":"string","description_kind":"plain","required":true}},"description_kind":"plain"}}}}}}
