{"format_version":"0.2","provider_schemas":{"registry.terraform.io/coopergillan/redshift":{"provider":{"version":0,"block":{"attributes":{"database":{"type":"string","description":"default database","description_kind":"plain","optional":true},"password":{"type":"string","description":"master password","description_kind":"plain","required":true,"sensitive":true},"port":{"type":"string","description":"port","description_kind":"plain","optional":true},"sslmode":{"type":"string","description":"SSL mode (require, disable, verify-ca, verify-full)","description_kind":"plain","optional":true},"url":{"type":"string","description":"Redshift url","description_kind":"plain","required":true},"user":{"type":"string","description":"master user","description_kind":"plain","required":true}},"description_kind":"plain"}},"resource_schemas":{"redshift_database":{"version":0,"block":{"attributes":{"connection_limit":{"type":"string","description_kind":"plain","optional":true},"database_name":{"type":"string","description_kind":"plain","required":true},"id":{"type":"string","description_kind":"plain","optional":true,"computed":true},"owner":{"type":"number","description_kind":"plain","optional":true,"computed":true}},"description_kind":"plain"}},"redshift_group":{"version":0,"block":{"attributes":{"group_name":{"type":"string","description_kind":"plain","required":true},"id":{"type":"string","description_kind":"plain","optional":true,"computed":true},"users":{"type":["set","number"],"description_kind":"plain","optional":true}},"description_kind":"plain"}},"redshift_group_schema_privilege":{"version":0,"block":{"attributes":{"create":{"type":"bool","description_kind":"plain","optional":true},"delete":{"type":"bool","description_kind":"plain","optional":true},"group_id":{"type":"number","description_kind":"plain","required":true},"id":{"type":"string","description_kind":"plain","optional":true,"computed":true},"insert":{"type":"bool","description_kind":"plain","optional":true},"references":{"type":"bool","description_kind":"plain","optional":true},"schema_id":{"type":"number","description_kind":"plain","required":true},"select":{"type":"bool","description_kind":"plain","optional":true},"update":{"type":"bool","description_kind":"plain","optional":true},"usage":{"type":"bool","description_kind":"plain","optional":true}},"description_kind":"plain"}},"redshift_schema":{"version":0,"block":{"attributes":{"cascade_on_delete":{"type":"bool","description":"Keyword that indicates to automatically drop all objects in the schema, such as tables and functions. By default it doesn't for your safety","description_kind":"plain","optional":true},"id":{"type":"string","description_kind":"plain","optional":true,"computed":true},"owner":{"type":"number","description":"Defaults to user specified in provider","description_kind":"plain","optional":true,"computed":true},"quota":{"type":"number","description":"In megabytes, the maximum amount of disk space that the specified schema can use","description_kind":"plain","optional":true},"schema_name":{"type":"string","description":"This is not immutable, but it probably should be!","description_kind":"plain","required":true}},"description_kind":"plain"}},"redshift_user":{"version":0,"block":{"attributes":{"connection_limit":{"type":"string","description_kind":"plain","optional":true},"createdb":{"type":"bool","description_kind":"plain","optional":true},"id":{"type":"string","description_kind":"plain","optional":true,"computed":true},"password":{"type":"string","description_kind":"plain","optional":true,"sensitive":true},"password_disabled":{"type":"bool","description_kind":"plain","optional":true},"superuser":{"type":"bool","description_kind":"plain","optional":true},"syslog_access":{"type":"string","description_kind":"plain","optional":true},"username":{"type":"string","description_kind":"plain","required":true},"usesysid":{"type":"string","description_kind":"plain","computed":true},"valid_until":{"type":"string","description_kind":"plain","optional":true}},"description_kind":"plain"}}},"data_source_schemas":{"redshift_schema":{"version":0,"block":{"attributes":{"id":{"type":"string","description_kind":"plain","optional":true,"computed":true},"owner":{"type":"number","description_kind":"plain","optional":true,"computed":true},"schema_name":{"type":"string","description_kind":"plain","required":true}},"description_kind":"plain"}}}}}}
