{"format_version":"0.2","provider_schemas":{"registry.terraform.io/coralogix/coralogix":{"provider":{"version":0,"block":{"attributes":{"api_key":{"type":"string","description":"The Coralogix API key.","description_kind":"plain","required":true,"sensitive":true},"timeout":{"type":"number","description":"The Coralogix API timeout.","description_kind":"plain","optional":true},"url":{"type":"string","description":"The Coralogix API URL.","description_kind":"plain","optional":true}},"description_kind":"plain"}},"resource_schemas":{"coralogix_alert":{"version":0,"block":{"attributes":{"content":{"type":["list","string"],"description_kind":"plain","optional":true},"description":{"type":"string","description_kind":"plain","optional":true},"enabled":{"type":"bool","description_kind":"plain","optional":true},"id":{"type":"string","description_kind":"plain","optional":true,"computed":true},"name":{"type":"string","description_kind":"plain","required":true},"severity":{"type":"string","description_kind":"plain","required":true},"type":{"type":"string","description_kind":"plain","required":true}},"block_types":{"condition":{"nesting_mode":"set","block":{"attributes":{"condition_type":{"type":"string","description_kind":"plain","required":true},"group_by":{"type":"string","description_kind":"plain","optional":true},"threshold":{"type":"number","description_kind":"plain","required":true},"timeframe":{"type":"string","description_kind":"plain","required":true}},"description_kind":"plain"},"max_items":1},"filter":{"nesting_mode":"set","block":{"attributes":{"applications":{"type":["set","string"],"description_kind":"plain","optional":true},"severities":{"type":["set","string"],"description_kind":"plain","optional":true},"subsystems":{"type":["set","string"],"description_kind":"plain","optional":true},"text":{"type":"string","description_kind":"plain","optional":true}},"description_kind":"plain"},"min_items":1,"max_items":1},"notifications":{"nesting_mode":"set","block":{"attributes":{"emails":{"type":["list","string"],"description_kind":"plain","optional":true},"integrations":{"type":["list","string"],"description_kind":"plain","optional":true}},"description_kind":"plain"},"max_items":1},"schedule":{"nesting_mode":"set","block":{"attributes":{"days":{"type":["list","string"],"description_kind":"plain","required":true},"end":{"type":"string","description_kind":"plain","required":true},"start":{"type":"string","description_kind":"plain","required":true}},"description_kind":"plain"},"max_items":1}},"description_kind":"plain"}},"coralogix_rule":{"version":0,"block":{"attributes":{"description":{"type":"string","description_kind":"plain","optional":true},"destination_field":{"type":"string","description_kind":"plain","optional":true},"enabled":{"type":"bool","description_kind":"plain","optional":true},"expression":{"type":"string","description_kind":"plain","required":true},"id":{"type":"string","description_kind":"plain","optional":true,"computed":true},"name":{"type":"string","description_kind":"plain","required":true},"order":{"type":"number","description_kind":"plain","computed":true},"replace_value":{"type":"string","description_kind":"plain","optional":true},"rules_group_id":{"type":"string","description_kind":"plain","required":true},"source_field":{"type":"string","description_kind":"plain","optional":true},"type":{"type":"string","description_kind":"plain","required":true}},"block_types":{"rule_matcher":{"nesting_mode":"set","block":{"attributes":{"constraint":{"type":"string","description_kind":"plain","required":true},"field":{"type":"string","description_kind":"plain","required":true}},"description_kind":"plain"}}},"description_kind":"plain"}},"coralogix_rules_group":{"version":0,"block":{"attributes":{"creator":{"type":"string","description_kind":"plain","optional":true},"description":{"type":"string","description_kind":"plain","optional":true},"enabled":{"type":"bool","description_kind":"plain","optional":true},"id":{"type":"string","description_kind":"plain","optional":true,"computed":true},"name":{"type":"string","description_kind":"plain","required":true},"order":{"type":"number","description_kind":"plain","computed":true}},"block_types":{"rule_matcher":{"nesting_mode":"set","block":{"attributes":{"constraint":{"type":"string","description_kind":"plain","required":true},"field":{"type":"string","description_kind":"plain","required":true}},"description_kind":"plain"}}},"description_kind":"plain"}}},"data_source_schemas":{"coralogix_alert":{"version":0,"block":{"attributes":{"alert_id":{"type":"string","description_kind":"plain","required":true},"condition":{"type":["set",["object",{"group_by":"string","threshold":"number","timeframe":"string","type":"string"}]],"description_kind":"plain","computed":true},"content":{"type":["set","string"],"description_kind":"plain","computed":true},"description":{"type":"string","description_kind":"plain","computed":true},"enabled":{"type":"bool","description_kind":"plain","computed":true},"filter":{"type":["set",["object",{"applications":["set","string"],"severities":["set","string"],"subsystems":["set","string"],"text":"string"}]],"description_kind":"plain","computed":true},"id":{"type":"string","description_kind":"plain","optional":true,"computed":true},"name":{"type":"string","description_kind":"plain","computed":true},"notifications":{"type":["set",["object",{"emails":["set","string"],"integrations":["set","string"]}]],"description_kind":"plain","computed":true},"schedule":{"type":["set",["object",{"days":["set","string"],"end":"string","start":"string"}]],"description_kind":"plain","computed":true},"severity":{"type":"string","description_kind":"plain","computed":true},"type":{"type":"string","description_kind":"plain","computed":true}},"description_kind":"plain"}},"coralogix_rule":{"version":0,"block":{"attributes":{"description":{"type":"string","description_kind":"plain","computed":true},"destination_field":{"type":"string","description_kind":"plain","computed":true},"enabled":{"type":"bool","description_kind":"plain","computed":true},"expression":{"type":"string","description_kind":"plain","computed":true},"id":{"type":"string","description_kind":"plain","optional":true,"computed":true},"name":{"type":"string","description_kind":"plain","computed":true},"order":{"type":"number","description_kind":"plain","computed":true},"replace_value":{"type":"string","description_kind":"plain","computed":true},"rule_id":{"type":"string","description_kind":"plain","required":true},"rule_matcher":{"type":["set",["object",{"constraint":"string","field":"string"}]],"description_kind":"plain","computed":true},"rules_group_id":{"type":"string","description_kind":"plain","required":true},"source_field":{"type":"string","description_kind":"plain","computed":true},"type":{"type":"string","description_kind":"plain","computed":true}},"description_kind":"plain"}},"coralogix_rules_group":{"version":0,"block":{"attributes":{"creator":{"type":"string","description_kind":"plain","computed":true},"description":{"type":"string","description_kind":"plain","computed":true},"enabled":{"type":"bool","description_kind":"plain","computed":true},"id":{"type":"string","description_kind":"plain","optional":true,"computed":true},"name":{"type":"string","description_kind":"plain","computed":true},"order":{"type":"number","description_kind":"plain","computed":true},"rules":{"type":["list",["object",{"description":"string","destination_field":"string","enabled":"bool","expression":"string","id":"string","name":"string","order":"number","replace_value":"string","rule_matcher":["set",["object",{"constraint":"string","field":"string"}]],"source_field":"string","type":"string"}]],"description_kind":"plain","computed":true},"rules_group_id":{"type":"string","description_kind":"plain","required":true}},"description_kind":"plain"}}}}}}
