{"format_version":"0.2","provider_schemas":{"registry.terraform.io/costradar/costradar":{"provider":{"version":0,"block":{"attributes":{"endpoint":{"type":"string","description_kind":"plain","required":true},"token":{"type":"string","description_kind":"plain","required":true,"sensitive":true}},"description_kind":"plain"}},"resource_schemas":{"costradar_cloudtrail_subscription":{"version":0,"block":{"attributes":{"bucket_name":{"type":"string","description_kind":"plain","required":true},"bucket_path_prefix":{"type":"string","description_kind":"plain","optional":true},"bucket_region":{"type":"string","description_kind":"plain","required":true},"id":{"type":"string","description_kind":"plain","computed":true},"source_topic_arn":{"type":"string","description_kind":"plain","required":true},"trail_name":{"type":"string","description_kind":"plain","required":true}},"block_types":{"access_config":{"nesting_mode":"list","block":{"attributes":{"assume_role_arn":{"type":"string","description_kind":"plain","optional":true},"assume_role_external_id":{"type":"string","description_kind":"plain","optional":true},"assume_role_session_name":{"type":"string","description_kind":"plain","optional":true},"reader_mode":{"type":"string","description_kind":"plain","required":true}},"description_kind":"plain"},"min_items":1,"max_items":1}},"description_kind":"plain"}},"costradar_cur_subscription":{"version":0,"block":{"attributes":{"bucket_name":{"type":"string","description_kind":"plain","required":true},"bucket_path_prefix":{"type":"string","description_kind":"plain","optional":true},"bucket_region":{"type":"string","description_kind":"plain","required":true},"id":{"type":"string","description_kind":"plain","computed":true},"report_name":{"type":"string","description_kind":"plain","required":true},"source_topic_arn":{"type":"string","description_kind":"plain","required":true},"time_unit":{"type":"string","description_kind":"plain","required":true}},"block_types":{"access_config":{"nesting_mode":"list","block":{"attributes":{"assume_role_arn":{"type":"string","description_kind":"plain","optional":true},"assume_role_external_id":{"type":"string","description_kind":"plain","optional":true},"assume_role_session_name":{"type":"string","description_kind":"plain","optional":true},"reader_mode":{"type":"string","description_kind":"plain","required":true}},"description_kind":"plain"},"min_items":1,"max_items":1}},"description_kind":"plain"}},"costradar_identity_resolver":{"version":0,"block":{"attributes":{"id":{"type":"string","description_kind":"plain","optional":true,"computed":true},"lambda_arn":{"type":"string","description_kind":"plain","required":true}},"block_types":{"access_config":{"nesting_mode":"list","block":{"attributes":{"assume_role_arn":{"type":"string","description_kind":"plain","optional":true},"assume_role_external_id":{"type":"string","description_kind":"plain","optional":true},"assume_role_session_name":{"type":"string","description_kind":"plain","optional":true},"reader_mode":{"type":"string","description_kind":"plain","required":true}},"description_kind":"plain"},"min_items":1,"max_items":1}},"description_kind":"plain"}}},"data_source_schemas":{"costradar_integration_config":{"version":0,"block":{"attributes":{"cloudtrail_sqs_arn":{"type":"string","description_kind":"plain","computed":true},"cloudtrail_sqs_url":{"type":"string","description_kind":"plain","computed":true},"cur_sqs_arn":{"type":"string","description_kind":"plain","computed":true},"cur_sqs_url":{"type":"string","description_kind":"plain","computed":true},"id":{"type":"string","description_kind":"plain","optional":true,"computed":true},"integration_role_arn":{"type":"string","description_kind":"plain","computed":true},"integration_role_external_id":{"type":"string","description_kind":"plain","computed":true}},"description_kind":"plain"}}}}}}
