{"format_version":"0.2","provider_schemas":{"registry.terraform.io/cropalato/etcd":{"provider":{"version":0,"block":{"attributes":{"ca_cert":{"type":"string","description_kind":"plain","optional":true,"sensitive":true},"endpoints":{"type":"string","description_kind":"plain","optional":true,"sensitive":true},"password":{"type":"string","description_kind":"plain","optional":true,"sensitive":true},"tls":{"type":"bool","description_kind":"plain","optional":true,"sensitive":true},"username":{"type":"string","description_kind":"plain","optional":true}},"description_kind":"plain"}},"resource_schemas":{"etcd_key":{"version":0,"block":{"attributes":{"id":{"type":"string","description_kind":"plain","optional":true,"computed":true},"key":{"type":"string","description":"Etcd key","description_kind":"plain","optional":true},"value":{"type":"string","description":"Etcd value","description_kind":"plain","optional":true}},"description_kind":"plain"}},"etcd_permission":{"version":0,"block":{"attributes":{"endrange":{"type":"string","description_kind":"plain","optional":true},"id":{"type":"string","description_kind":"plain","optional":true,"computed":true},"key":{"type":"string","description_kind":"plain","required":true},"permission":{"type":"string","description_kind":"plain","required":true},"role":{"type":"string","description_kind":"plain","required":true},"withprefix":{"type":"bool","description_kind":"plain","required":true}},"description_kind":"plain"}},"etcd_role":{"version":0,"block":{"attributes":{"id":{"type":"string","description_kind":"plain","optional":true,"computed":true},"name":{"type":"string","description_kind":"plain","optional":true}},"description_kind":"plain"}},"etcd_user":{"version":0,"block":{"attributes":{"id":{"type":"string","description_kind":"plain","optional":true,"computed":true},"name":{"type":"string","description_kind":"plain","required":true},"password":{"type":"string","description_kind":"plain","optional":true}},"description_kind":"plain"}}},"data_source_schemas":{"etcd_key":{"version":0,"block":{"attributes":{"id":{"type":"string","description_kind":"plain","optional":true,"computed":true},"key":{"type":"string","description_kind":"plain","required":true},"last_updated":{"type":"string","description_kind":"plain","computed":true},"value":{"type":"string","description_kind":"plain","computed":true}},"description_kind":"plain"}},"etcd_keyprefix":{"version":0,"block":{"attributes":{"entries":{"type":["list",["object",{"key":"string","value":"string"}]],"description_kind":"plain","computed":true},"id":{"type":"string","description_kind":"plain","optional":true,"computed":true},"last_updated":{"type":"string","description_kind":"plain","computed":true},"prefix":{"type":"string","description_kind":"plain","required":true}},"description_kind":"plain"}}}}}}
