{"format_version":"0.2","provider_schemas":{"registry.terraform.io/cruglobal/redisdb":{"provider":{"version":0,"block":{"attributes":{"database":{"type":"string","description":"Database number. Can be specified with the `REDISDB_DATABASE` environment variable. Defaults to `0`","description_kind":"markdown","optional":true},"hostname":{"type":"string","description":"Server hostname. Can be specified with the `REDISDB_HOSTNAME` environment variable. Defaults to `127.0.0.1`","description_kind":"markdown","optional":true},"port":{"type":"string","description":"Server port. Can be specified with the `REDISDB_PORT` environment variable. Defaults to `6379`","description_kind":"markdown","optional":true}},"description_kind":"plain"}},"resource_schemas":{"redisdb_hash":{"version":0,"block":{"attributes":{"hash":{"type":["map","string"],"description":"The fields and values of the Hash.","description_kind":"markdown","required":true},"id":{"type":"string","description":"The ID (key) of the Hash.","description_kind":"markdown","computed":true},"key":{"type":"string","description":"The Hash key.","description_kind":"markdown","required":true}},"description":"`redisdb_hash` manages an individual Hash in redis.","description_kind":"markdown"}}},"data_source_schemas":{"redisdb_hash":{"version":0,"block":{"attributes":{"hash":{"type":["map","string"],"description":"The fields and values of the Hash.","description_kind":"markdown","computed":true},"id":{"type":"string","description":"The ID (key) of the Hash.","description_kind":"markdown","computed":true},"key":{"type":"string","description":"The Hash key.","description_kind":"markdown","required":true}},"description":"`redisdb_hash` data source can be used to get a map of all the fields and values in a Hash.","description_kind":"markdown"}}}}}}
