{"format_version":"0.2","provider_schemas":{"registry.terraform.io/curve-technology/confluent-schema-registry":{"provider":{"version":0,"block":{"attributes":{"password":{"type":"string","description_kind":"plain","optional":true,"sensitive":true},"url":{"type":"string","description_kind":"plain","required":true},"username":{"type":"string","description_kind":"plain","optional":true}},"description_kind":"plain"}},"resource_schemas":{"schemaregistry_bulk_dependent_schemas":{"version":0,"block":{"attributes":{"id":{"type":"string","description_kind":"plain","optional":true,"computed":true}},"block_types":{"schemas_mapping":{"nesting_mode":"list","block":{"attributes":{"schema":{"type":"string","description_kind":"plain","required":true},"schema_id":{"type":"number","description_kind":"plain","computed":true},"subject":{"type":"string","description_kind":"plain","required":true},"version":{"type":"number","description_kind":"plain","computed":true}},"block_types":{"references":{"nesting_mode":"list","block":{"attributes":{"name":{"type":"string","description_kind":"plain","computed":true},"subject":{"type":"string","description_kind":"plain","required":true},"version":{"type":"number","description_kind":"plain","computed":true}},"description_kind":"plain"}}},"description_kind":"plain"},"min_items":1}},"description_kind":"plain"}}}}}}
