{"format_version":"0.2","provider_schemas":{"registry.terraform.io/cyralinc/cyral":{"provider":{"version":0,"block":{"attributes":{"auth0_audience":{"type":"string","description_kind":"plain","optional":true},"auth0_client_id":{"type":"string","description_kind":"plain","deprecated":true,"optional":true,"sensitive":true},"auth0_client_secret":{"type":"string","description_kind":"plain","deprecated":true,"optional":true,"sensitive":true},"auth0_domain":{"type":"string","description_kind":"plain","optional":true},"auth_provider":{"type":"string","description_kind":"plain","optional":true},"client_id":{"type":"string","description_kind":"plain","optional":true,"sensitive":true},"client_secret":{"type":"string","description_kind":"plain","optional":true,"sensitive":true},"control_plane":{"type":"string","description_kind":"plain","required":true}},"description_kind":"plain"}},"resource_schemas":{"cyral_datamap":{"version":0,"block":{"attributes":{"id":{"type":"string","description_kind":"plain","optional":true,"computed":true},"last_updated":{"type":"string","description_kind":"plain","optional":true,"computed":true}},"block_types":{"mapping":{"nesting_mode":"set","block":{"attributes":{"label":{"type":"string","description_kind":"plain","required":true}},"block_types":{"data_location":{"nesting_mode":"set","block":{"attributes":{"attributes":{"type":["list","string"],"description_kind":"plain","required":true},"repo":{"type":"string","description_kind":"plain","required":true}},"description_kind":"plain"},"min_items":1}},"description_kind":"plain"},"min_items":1}},"description_kind":"plain"}},"cyral_identity_map":{"version":0,"block":{"attributes":{"id":{"type":"string","description_kind":"plain","optional":true,"computed":true},"identity_name":{"type":"string","description_kind":"plain","required":true},"identity_type":{"type":"string","description_kind":"plain","required":true},"repository_id":{"type":"string","description_kind":"plain","required":true},"repository_local_account_id":{"type":"string","description_kind":"plain","required":true}},"block_types":{"access_duration":{"nesting_mode":"set","block":{"attributes":{"days":{"type":"number","description_kind":"plain","optional":true},"hours":{"type":"number","description_kind":"plain","optional":true},"minutes":{"type":"number","description_kind":"plain","optional":true},"seconds":{"type":"number","description_kind":"plain","optional":true}},"description_kind":"plain"}}},"description_kind":"plain","deprecated":true}},"cyral_integration_datadog":{"version":0,"block":{"attributes":{"api_key":{"type":"string","description_kind":"plain","required":true,"sensitive":true},"id":{"type":"string","description_kind":"plain","optional":true,"computed":true},"name":{"type":"string","description_kind":"plain","required":true}},"description_kind":"plain"}},"cyral_integration_elk":{"version":0,"block":{"attributes":{"es_url":{"type":"string","description_kind":"plain","required":true},"id":{"type":"string","description_kind":"plain","optional":true,"computed":true},"kibana_url":{"type":"string","description_kind":"plain","required":true},"name":{"type":"string","description_kind":"plain","required":true}},"description_kind":"plain"}},"cyral_integration_hc_vault":{"version":0,"block":{"attributes":{"auth_method":{"type":"string","description_kind":"plain","required":true},"auth_type":{"type":"string","description_kind":"plain","required":true},"id":{"type":"string","description_kind":"plain","computed":true},"name":{"type":"string","description_kind":"plain","required":true},"server":{"type":"string","description_kind":"plain","required":true,"sensitive":true}},"description_kind":"plain"}},"cyral_integration_idp_aad":{"version":0,"block":{"attributes":{"draft_alias":{"type":"string","description_kind":"plain","optional":true},"id":{"type":"string","description_kind":"plain","optional":true,"computed":true}},"block_types":{"samlp":{"nesting_mode":"set","block":{"attributes":{"add_read_token_role_on_create":{"type":"bool","description_kind":"plain","optional":true},"disabled":{"type":"bool","description_kind":"plain","optional":true},"display_name":{"type":"string","description_kind":"plain","optional":true},"first_broker_login_flow_alias":{"type":"string","description_kind":"plain","optional":true},"internal_id":{"type":"string","description_kind":"plain","computed":true},"link_only":{"type":"bool","description_kind":"plain","optional":true},"post_broker_login_flow_alias":{"type":"string","description_kind":"plain","optional":true},"provider_id":{"type":"string","description_kind":"plain","optional":true},"store_token":{"type":"bool","description_kind":"plain","optional":true},"trust_email":{"type":"bool","description_kind":"plain","optional":true}},"block_types":{"config":{"nesting_mode":"set","block":{"attributes":{"allowed_clock_skew":{"type":"number","description_kind":"plain","optional":true},"back_channel_supported":{"type":"bool","description_kind":"plain","optional":true},"base_64_saml_metadata_document":{"type":"string","description_kind":"plain","optional":true},"disable_force_authentication":{"type":"bool","description_kind":"plain","optional":true},"disable_post_binding_authn_request":{"type":"bool","description_kind":"plain","optional":true},"disable_post_binding_logout":{"type":"bool","description_kind":"plain","optional":true},"disable_post_binding_response":{"type":"bool","description_kind":"plain","optional":true},"disable_using_jwks_url":{"type":"bool","description_kind":"plain","optional":true},"gui_order":{"type":"string","description_kind":"plain","optional":true},"hide_on_login_page":{"type":"bool","description_kind":"plain","optional":true},"ldap_group_attribute":{"type":"string","description_kind":"plain","optional":true},"name_id_policy_format":{"type":"string","description_kind":"plain","optional":true},"principal_type":{"type":"string","description_kind":"plain","optional":true},"saml_metadata_url":{"type":"string","description_kind":"plain","optional":true},"saml_xml_key_name_tranformer":{"type":"string","description_kind":"plain","optional":true},"signature_type":{"type":"string","description_kind":"plain","optional":true},"signing_certificate":{"type":"string","description_kind":"plain","optional":true},"single_logout_service_url":{"type":"string","description_kind":"plain","optional":true},"single_sign_on_service_url":{"type":"string","description_kind":"plain","required":true},"sync_mode":{"type":"string","description_kind":"plain","optional":true},"want_assertions_encrypted":{"type":"bool","description_kind":"plain","optional":true},"xml_sig_key_info_key_name_transformer":{"type":"string","description_kind":"plain","optional":true}},"description_kind":"plain"},"min_items":1,"max_items":1}},"description_kind":"plain"},"min_items":1,"max_items":1}},"description_kind":"plain"}},"cyral_integration_idp_adfs":{"version":0,"block":{"attributes":{"draft_alias":{"type":"string","description_kind":"plain","optional":true},"id":{"type":"string","description_kind":"plain","optional":true,"computed":true}},"block_types":{"samlp":{"nesting_mode":"set","block":{"attributes":{"add_read_token_role_on_create":{"type":"bool","description_kind":"plain","optional":true},"disabled":{"type":"bool","description_kind":"plain","optional":true},"display_name":{"type":"string","description_kind":"plain","optional":true},"first_broker_login_flow_alias":{"type":"string","description_kind":"plain","optional":true},"internal_id":{"type":"string","description_kind":"plain","computed":true},"link_only":{"type":"bool","description_kind":"plain","optional":true},"post_broker_login_flow_alias":{"type":"string","description_kind":"plain","optional":true},"provider_id":{"type":"string","description_kind":"plain","optional":true},"store_token":{"type":"bool","description_kind":"plain","optional":true},"trust_email":{"type":"bool","description_kind":"plain","optional":true}},"block_types":{"config":{"nesting_mode":"set","block":{"attributes":{"allowed_clock_skew":{"type":"number","description_kind":"plain","optional":true},"back_channel_supported":{"type":"bool","description_kind":"plain","optional":true},"base_64_saml_metadata_document":{"type":"string","description_kind":"plain","optional":true},"disable_force_authentication":{"type":"bool","description_kind":"plain","optional":true},"disable_post_binding_authn_request":{"type":"bool","description_kind":"plain","optional":true},"disable_post_binding_logout":{"type":"bool","description_kind":"plain","optional":true},"disable_post_binding_response":{"type":"bool","description_kind":"plain","optional":true},"disable_using_jwks_url":{"type":"bool","description_kind":"plain","optional":true},"gui_order":{"type":"string","description_kind":"plain","optional":true},"hide_on_login_page":{"type":"bool","description_kind":"plain","optional":true},"ldap_group_attribute":{"type":"string","description_kind":"plain","optional":true},"name_id_policy_format":{"type":"string","description_kind":"plain","optional":true},"principal_type":{"type":"string","description_kind":"plain","optional":true},"saml_metadata_url":{"type":"string","description_kind":"plain","optional":true},"saml_xml_key_name_tranformer":{"type":"string","description_kind":"plain","optional":true},"signature_type":{"type":"string","description_kind":"plain","optional":true},"signing_certificate":{"type":"string","description_kind":"plain","optional":true},"single_logout_service_url":{"type":"string","description_kind":"plain","optional":true},"single_sign_on_service_url":{"type":"string","description_kind":"plain","required":true},"sync_mode":{"type":"string","description_kind":"plain","optional":true},"want_assertions_encrypted":{"type":"bool","description_kind":"plain","optional":true},"xml_sig_key_info_key_name_transformer":{"type":"string","description_kind":"plain","optional":true}},"description_kind":"plain"},"min_items":1,"max_items":1}},"description_kind":"plain"},"min_items":1,"max_items":1}},"description_kind":"plain"}},"cyral_integration_idp_forgerock":{"version":0,"block":{"attributes":{"draft_alias":{"type":"string","description_kind":"plain","optional":true},"id":{"type":"string","description_kind":"plain","optional":true,"computed":true}},"block_types":{"samlp":{"nesting_mode":"set","block":{"attributes":{"add_read_token_role_on_create":{"type":"bool","description_kind":"plain","optional":true},"disabled":{"type":"bool","description_kind":"plain","optional":true},"display_name":{"type":"string","description_kind":"plain","optional":true},"first_broker_login_flow_alias":{"type":"string","description_kind":"plain","optional":true},"internal_id":{"type":"string","description_kind":"plain","computed":true},"link_only":{"type":"bool","description_kind":"plain","optional":true},"post_broker_login_flow_alias":{"type":"string","description_kind":"plain","optional":true},"provider_id":{"type":"string","description_kind":"plain","optional":true},"store_token":{"type":"bool","description_kind":"plain","optional":true},"trust_email":{"type":"bool","description_kind":"plain","optional":true}},"block_types":{"config":{"nesting_mode":"set","block":{"attributes":{"allowed_clock_skew":{"type":"number","description_kind":"plain","optional":true},"back_channel_supported":{"type":"bool","description_kind":"plain","optional":true},"base_64_saml_metadata_document":{"type":"string","description_kind":"plain","optional":true},"disable_force_authentication":{"type":"bool","description_kind":"plain","optional":true},"disable_post_binding_authn_request":{"type":"bool","description_kind":"plain","optional":true},"disable_post_binding_logout":{"type":"bool","description_kind":"plain","optional":true},"disable_post_binding_response":{"type":"bool","description_kind":"plain","optional":true},"disable_using_jwks_url":{"type":"bool","description_kind":"plain","optional":true},"gui_order":{"type":"string","description_kind":"plain","optional":true},"hide_on_login_page":{"type":"bool","description_kind":"plain","optional":true},"ldap_group_attribute":{"type":"string","description_kind":"plain","optional":true},"name_id_policy_format":{"type":"string","description_kind":"plain","optional":true},"principal_type":{"type":"string","description_kind":"plain","optional":true},"saml_metadata_url":{"type":"string","description_kind":"plain","optional":true},"saml_xml_key_name_tranformer":{"type":"string","description_kind":"plain","optional":true},"signature_type":{"type":"string","description_kind":"plain","optional":true},"signing_certificate":{"type":"string","description_kind":"plain","optional":true},"single_logout_service_url":{"type":"string","description_kind":"plain","optional":true},"single_sign_on_service_url":{"type":"string","description_kind":"plain","required":true},"sync_mode":{"type":"string","description_kind":"plain","optional":true},"want_assertions_encrypted":{"type":"bool","description_kind":"plain","optional":true},"xml_sig_key_info_key_name_transformer":{"type":"string","description_kind":"plain","optional":true}},"description_kind":"plain"},"min_items":1,"max_items":1}},"description_kind":"plain"},"min_items":1,"max_items":1}},"description_kind":"plain"}},"cyral_integration_idp_gsuite":{"version":0,"block":{"attributes":{"draft_alias":{"type":"string","description_kind":"plain","optional":true},"id":{"type":"string","description_kind":"plain","optional":true,"computed":true}},"block_types":{"samlp":{"nesting_mode":"set","block":{"attributes":{"add_read_token_role_on_create":{"type":"bool","description_kind":"plain","optional":true},"disabled":{"type":"bool","description_kind":"plain","optional":true},"display_name":{"type":"string","description_kind":"plain","optional":true},"first_broker_login_flow_alias":{"type":"string","description_kind":"plain","optional":true},"internal_id":{"type":"string","description_kind":"plain","computed":true},"link_only":{"type":"bool","description_kind":"plain","optional":true},"post_broker_login_flow_alias":{"type":"string","description_kind":"plain","optional":true},"provider_id":{"type":"string","description_kind":"plain","optional":true},"store_token":{"type":"bool","description_kind":"plain","optional":true},"trust_email":{"type":"bool","description_kind":"plain","optional":true}},"block_types":{"config":{"nesting_mode":"set","block":{"attributes":{"allowed_clock_skew":{"type":"number","description_kind":"plain","optional":true},"back_channel_supported":{"type":"bool","description_kind":"plain","optional":true},"base_64_saml_metadata_document":{"type":"string","description_kind":"plain","optional":true},"disable_force_authentication":{"type":"bool","description_kind":"plain","optional":true},"disable_post_binding_authn_request":{"type":"bool","description_kind":"plain","optional":true},"disable_post_binding_logout":{"type":"bool","description_kind":"plain","optional":true},"disable_post_binding_response":{"type":"bool","description_kind":"plain","optional":true},"disable_using_jwks_url":{"type":"bool","description_kind":"plain","optional":true},"gui_order":{"type":"string","description_kind":"plain","optional":true},"hide_on_login_page":{"type":"bool","description_kind":"plain","optional":true},"ldap_group_attribute":{"type":"string","description_kind":"plain","optional":true},"name_id_policy_format":{"type":"string","description_kind":"plain","optional":true},"principal_type":{"type":"string","description_kind":"plain","optional":true},"saml_metadata_url":{"type":"string","description_kind":"plain","optional":true},"saml_xml_key_name_tranformer":{"type":"string","description_kind":"plain","optional":true},"signature_type":{"type":"string","description_kind":"plain","optional":true},"signing_certificate":{"type":"string","description_kind":"plain","optional":true},"single_logout_service_url":{"type":"string","description_kind":"plain","optional":true},"single_sign_on_service_url":{"type":"string","description_kind":"plain","required":true},"sync_mode":{"type":"string","description_kind":"plain","optional":true},"want_assertions_encrypted":{"type":"bool","description_kind":"plain","optional":true},"xml_sig_key_info_key_name_transformer":{"type":"string","description_kind":"plain","optional":true}},"description_kind":"plain"},"min_items":1,"max_items":1}},"description_kind":"plain"},"min_items":1,"max_items":1}},"description_kind":"plain"}},"cyral_integration_idp_okta":{"version":0,"block":{"attributes":{"draft_alias":{"type":"string","description_kind":"plain","optional":true},"id":{"type":"string","description_kind":"plain","optional":true,"computed":true}},"block_types":{"samlp":{"nesting_mode":"set","block":{"attributes":{"add_read_token_role_on_create":{"type":"bool","description_kind":"plain","optional":true},"disabled":{"type":"bool","description_kind":"plain","optional":true},"display_name":{"type":"string","description_kind":"plain","optional":true},"first_broker_login_flow_alias":{"type":"string","description_kind":"plain","optional":true},"internal_id":{"type":"string","description_kind":"plain","computed":true},"link_only":{"type":"bool","description_kind":"plain","optional":true},"post_broker_login_flow_alias":{"type":"string","description_kind":"plain","optional":true},"provider_id":{"type":"string","description_kind":"plain","optional":true},"store_token":{"type":"bool","description_kind":"plain","optional":true},"trust_email":{"type":"bool","description_kind":"plain","optional":true}},"block_types":{"config":{"nesting_mode":"set","block":{"attributes":{"allowed_clock_skew":{"type":"number","description_kind":"plain","optional":true},"back_channel_supported":{"type":"bool","description_kind":"plain","optional":true},"base_64_saml_metadata_document":{"type":"string","description_kind":"plain","optional":true},"disable_force_authentication":{"type":"bool","description_kind":"plain","optional":true},"disable_post_binding_authn_request":{"type":"bool","description_kind":"plain","optional":true},"disable_post_binding_logout":{"type":"bool","description_kind":"plain","optional":true},"disable_post_binding_response":{"type":"bool","description_kind":"plain","optional":true},"disable_using_jwks_url":{"type":"bool","description_kind":"plain","optional":true},"gui_order":{"type":"string","description_kind":"plain","optional":true},"hide_on_login_page":{"type":"bool","description_kind":"plain","optional":true},"ldap_group_attribute":{"type":"string","description_kind":"plain","optional":true},"name_id_policy_format":{"type":"string","description_kind":"plain","optional":true},"principal_type":{"type":"string","description_kind":"plain","optional":true},"saml_metadata_url":{"type":"string","description_kind":"plain","optional":true},"saml_xml_key_name_tranformer":{"type":"string","description_kind":"plain","optional":true},"signature_type":{"type":"string","description_kind":"plain","optional":true},"signing_certificate":{"type":"string","description_kind":"plain","optional":true},"single_logout_service_url":{"type":"string","description_kind":"plain","optional":true},"single_sign_on_service_url":{"type":"string","description_kind":"plain","required":true},"sync_mode":{"type":"string","description_kind":"plain","optional":true},"want_assertions_encrypted":{"type":"bool","description_kind":"plain","optional":true},"xml_sig_key_info_key_name_transformer":{"type":"string","description_kind":"plain","optional":true}},"description_kind":"plain"},"min_items":1,"max_items":1}},"description_kind":"plain"},"min_items":1,"max_items":1}},"description_kind":"plain"}},"cyral_integration_idp_ping_one":{"version":0,"block":{"attributes":{"draft_alias":{"type":"string","description_kind":"plain","optional":true},"id":{"type":"string","description_kind":"plain","optional":true,"computed":true}},"block_types":{"samlp":{"nesting_mode":"set","block":{"attributes":{"add_read_token_role_on_create":{"type":"bool","description_kind":"plain","optional":true},"disabled":{"type":"bool","description_kind":"plain","optional":true},"display_name":{"type":"string","description_kind":"plain","optional":true},"first_broker_login_flow_alias":{"type":"string","description_kind":"plain","optional":true},"internal_id":{"type":"string","description_kind":"plain","computed":true},"link_only":{"type":"bool","description_kind":"plain","optional":true},"post_broker_login_flow_alias":{"type":"string","description_kind":"plain","optional":true},"provider_id":{"type":"string","description_kind":"plain","optional":true},"store_token":{"type":"bool","description_kind":"plain","optional":true},"trust_email":{"type":"bool","description_kind":"plain","optional":true}},"block_types":{"config":{"nesting_mode":"set","block":{"attributes":{"allowed_clock_skew":{"type":"number","description_kind":"plain","optional":true},"back_channel_supported":{"type":"bool","description_kind":"plain","optional":true},"base_64_saml_metadata_document":{"type":"string","description_kind":"plain","optional":true},"disable_force_authentication":{"type":"bool","description_kind":"plain","optional":true},"disable_post_binding_authn_request":{"type":"bool","description_kind":"plain","optional":true},"disable_post_binding_logout":{"type":"bool","description_kind":"plain","optional":true},"disable_post_binding_response":{"type":"bool","description_kind":"plain","optional":true},"disable_using_jwks_url":{"type":"bool","description_kind":"plain","optional":true},"gui_order":{"type":"string","description_kind":"plain","optional":true},"hide_on_login_page":{"type":"bool","description_kind":"plain","optional":true},"ldap_group_attribute":{"type":"string","description_kind":"plain","optional":true},"name_id_policy_format":{"type":"string","description_kind":"plain","optional":true},"principal_type":{"type":"string","description_kind":"plain","optional":true},"saml_metadata_url":{"type":"string","description_kind":"plain","optional":true},"saml_xml_key_name_tranformer":{"type":"string","description_kind":"plain","optional":true},"signature_type":{"type":"string","description_kind":"plain","optional":true},"signing_certificate":{"type":"string","description_kind":"plain","optional":true},"single_logout_service_url":{"type":"string","description_kind":"plain","optional":true},"single_sign_on_service_url":{"type":"string","description_kind":"plain","required":true},"sync_mode":{"type":"string","description_kind":"plain","optional":true},"want_assertions_encrypted":{"type":"bool","description_kind":"plain","optional":true},"xml_sig_key_info_key_name_transformer":{"type":"string","description_kind":"plain","optional":true}},"description_kind":"plain"},"min_items":1,"max_items":1}},"description_kind":"plain"},"min_items":1,"max_items":1}},"description_kind":"plain"}},"cyral_integration_logstash":{"version":0,"block":{"attributes":{"endpoint":{"type":"string","description_kind":"plain","required":true,"sensitive":true},"id":{"type":"string","description_kind":"plain","optional":true,"computed":true},"name":{"type":"string","description_kind":"plain","required":true},"use_mutual_authentication":{"type":"bool","description_kind":"plain","required":true},"use_private_certificate_chain":{"type":"bool","description_kind":"plain","required":true},"use_tls":{"type":"bool","description_kind":"plain","required":true}},"description_kind":"plain"}},"cyral_integration_looker":{"version":0,"block":{"attributes":{"client_id":{"type":"string","description_kind":"plain","required":true,"sensitive":true},"client_secret":{"type":"string","description_kind":"plain","required":true,"sensitive":true},"id":{"type":"string","description_kind":"plain","optional":true,"computed":true},"url":{"type":"string","description_kind":"plain","required":true}},"description_kind":"plain"}},"cyral_integration_microsoft_teams":{"version":0,"block":{"attributes":{"id":{"type":"string","description_kind":"plain","optional":true,"computed":true},"name":{"type":"string","description_kind":"plain","required":true},"url":{"type":"string","description_kind":"plain","required":true,"sensitive":true}},"description_kind":"plain"}},"cyral_integration_okta":{"version":0,"block":{"attributes":{"certificate":{"type":"string","description_kind":"plain","required":true,"sensitive":true},"email_domains":{"type":["list","string"],"description_kind":"plain","optional":true},"id":{"type":"string","description_kind":"plain","optional":true,"computed":true},"name":{"type":"string","description_kind":"plain","required":true},"signin_url":{"type":"string","description_kind":"plain","required":true},"signout_url":{"type":"string","description_kind":"plain","optional":true}},"description_kind":"plain","deprecated":true}},"cyral_integration_pager_duty":{"version":0,"block":{"attributes":{"api_token":{"type":"string","description_kind":"plain","required":true,"sensitive":true},"id":{"type":"string","description_kind":"plain","computed":true},"name":{"type":"string","description_kind":"plain","required":true}},"description_kind":"plain"}},"cyral_integration_slack_alerts":{"version":0,"block":{"attributes":{"id":{"type":"string","description_kind":"plain","optional":true,"computed":true},"name":{"type":"string","description_kind":"plain","required":true},"url":{"type":"string","description_kind":"plain","required":true,"sensitive":true}},"description_kind":"plain"}},"cyral_integration_splunk":{"version":0,"block":{"attributes":{"access_token":{"type":"string","description_kind":"plain","required":true,"sensitive":true},"host":{"type":"string","description_kind":"plain","required":true},"id":{"type":"string","description_kind":"plain","optional":true,"computed":true},"index":{"type":"string","description_kind":"plain","required":true},"name":{"type":"string","description_kind":"plain","required":true},"port":{"type":"number","description_kind":"plain","required":true},"use_tls":{"type":"bool","description_kind":"plain","required":true}},"description_kind":"plain"}},"cyral_integration_sso_aad":{"version":0,"block":{"attributes":{"draft_alias":{"type":"string","description_kind":"plain","optional":true},"id":{"type":"string","description_kind":"plain","optional":true,"computed":true}},"block_types":{"samlp":{"nesting_mode":"set","block":{"attributes":{"add_read_token_role_on_create":{"type":"bool","description_kind":"plain","optional":true},"disabled":{"type":"bool","description_kind":"plain","optional":true},"display_name":{"type":"string","description_kind":"plain","optional":true},"first_broker_login_flow_alias":{"type":"string","description_kind":"plain","optional":true},"internal_id":{"type":"string","description_kind":"plain","computed":true},"link_only":{"type":"bool","description_kind":"plain","optional":true},"post_broker_login_flow_alias":{"type":"string","description_kind":"plain","optional":true},"provider_id":{"type":"string","description_kind":"plain","optional":true},"store_token":{"type":"bool","description_kind":"plain","optional":true},"trust_email":{"type":"bool","description_kind":"plain","optional":true}},"block_types":{"config":{"nesting_mode":"set","block":{"attributes":{"allowed_clock_skew":{"type":"number","description_kind":"plain","optional":true},"back_channel_supported":{"type":"bool","description_kind":"plain","optional":true},"base_64_saml_metadata_document":{"type":"string","description_kind":"plain","optional":true},"disable_force_authentication":{"type":"bool","description_kind":"plain","optional":true},"disable_post_binding_authn_request":{"type":"bool","description_kind":"plain","optional":true},"disable_post_binding_logout":{"type":"bool","description_kind":"plain","optional":true},"disable_post_binding_response":{"type":"bool","description_kind":"plain","optional":true},"disable_using_jwks_url":{"type":"bool","description_kind":"plain","optional":true},"gui_order":{"type":"string","description_kind":"plain","optional":true},"hide_on_login_page":{"type":"bool","description_kind":"plain","optional":true},"ldap_group_attribute":{"type":"string","description_kind":"plain","optional":true},"name_id_policy_format":{"type":"string","description_kind":"plain","optional":true},"principal_type":{"type":"string","description_kind":"plain","optional":true},"saml_metadata_url":{"type":"string","description_kind":"plain","optional":true},"saml_xml_key_name_tranformer":{"type":"string","description_kind":"plain","optional":true},"signature_type":{"type":"string","description_kind":"plain","optional":true},"signing_certificate":{"type":"string","description_kind":"plain","optional":true},"single_logout_service_url":{"type":"string","description_kind":"plain","optional":true},"single_sign_on_service_url":{"type":"string","description_kind":"plain","required":true},"sync_mode":{"type":"string","description_kind":"plain","optional":true},"want_assertions_encrypted":{"type":"bool","description_kind":"plain","optional":true},"xml_sig_key_info_key_name_transformer":{"type":"string","description_kind":"plain","optional":true}},"description_kind":"plain"},"min_items":1,"max_items":1}},"description_kind":"plain"},"min_items":1,"max_items":1}},"description_kind":"plain","deprecated":true}},"cyral_integration_sso_adfs":{"version":0,"block":{"attributes":{"draft_alias":{"type":"string","description_kind":"plain","optional":true},"id":{"type":"string","description_kind":"plain","optional":true,"computed":true}},"block_types":{"samlp":{"nesting_mode":"set","block":{"attributes":{"add_read_token_role_on_create":{"type":"bool","description_kind":"plain","optional":true},"disabled":{"type":"bool","description_kind":"plain","optional":true},"display_name":{"type":"string","description_kind":"plain","optional":true},"first_broker_login_flow_alias":{"type":"string","description_kind":"plain","optional":true},"internal_id":{"type":"string","description_kind":"plain","computed":true},"link_only":{"type":"bool","description_kind":"plain","optional":true},"post_broker_login_flow_alias":{"type":"string","description_kind":"plain","optional":true},"provider_id":{"type":"string","description_kind":"plain","optional":true},"store_token":{"type":"bool","description_kind":"plain","optional":true},"trust_email":{"type":"bool","description_kind":"plain","optional":true}},"block_types":{"config":{"nesting_mode":"set","block":{"attributes":{"allowed_clock_skew":{"type":"number","description_kind":"plain","optional":true},"back_channel_supported":{"type":"bool","description_kind":"plain","optional":true},"base_64_saml_metadata_document":{"type":"string","description_kind":"plain","optional":true},"disable_force_authentication":{"type":"bool","description_kind":"plain","optional":true},"disable_post_binding_authn_request":{"type":"bool","description_kind":"plain","optional":true},"disable_post_binding_logout":{"type":"bool","description_kind":"plain","optional":true},"disable_post_binding_response":{"type":"bool","description_kind":"plain","optional":true},"disable_using_jwks_url":{"type":"bool","description_kind":"plain","optional":true},"gui_order":{"type":"string","description_kind":"plain","optional":true},"hide_on_login_page":{"type":"bool","description_kind":"plain","optional":true},"ldap_group_attribute":{"type":"string","description_kind":"plain","optional":true},"name_id_policy_format":{"type":"string","description_kind":"plain","optional":true},"principal_type":{"type":"string","description_kind":"plain","optional":true},"saml_metadata_url":{"type":"string","description_kind":"plain","optional":true},"saml_xml_key_name_tranformer":{"type":"string","description_kind":"plain","optional":true},"signature_type":{"type":"string","description_kind":"plain","optional":true},"signing_certificate":{"type":"string","description_kind":"plain","optional":true},"single_logout_service_url":{"type":"string","description_kind":"plain","optional":true},"single_sign_on_service_url":{"type":"string","description_kind":"plain","required":true},"sync_mode":{"type":"string","description_kind":"plain","optional":true},"want_assertions_encrypted":{"type":"bool","description_kind":"plain","optional":true},"xml_sig_key_info_key_name_transformer":{"type":"string","description_kind":"plain","optional":true}},"description_kind":"plain"},"min_items":1,"max_items":1}},"description_kind":"plain"},"min_items":1,"max_items":1}},"description_kind":"plain","deprecated":true}},"cyral_integration_sso_forgerock":{"version":0,"block":{"attributes":{"draft_alias":{"type":"string","description_kind":"plain","optional":true},"id":{"type":"string","description_kind":"plain","optional":true,"computed":true}},"block_types":{"samlp":{"nesting_mode":"set","block":{"attributes":{"add_read_token_role_on_create":{"type":"bool","description_kind":"plain","optional":true},"disabled":{"type":"bool","description_kind":"plain","optional":true},"display_name":{"type":"string","description_kind":"plain","optional":true},"first_broker_login_flow_alias":{"type":"string","description_kind":"plain","optional":true},"internal_id":{"type":"string","description_kind":"plain","computed":true},"link_only":{"type":"bool","description_kind":"plain","optional":true},"post_broker_login_flow_alias":{"type":"string","description_kind":"plain","optional":true},"provider_id":{"type":"string","description_kind":"plain","optional":true},"store_token":{"type":"bool","description_kind":"plain","optional":true},"trust_email":{"type":"bool","description_kind":"plain","optional":true}},"block_types":{"config":{"nesting_mode":"set","block":{"attributes":{"allowed_clock_skew":{"type":"number","description_kind":"plain","optional":true},"back_channel_supported":{"type":"bool","description_kind":"plain","optional":true},"base_64_saml_metadata_document":{"type":"string","description_kind":"plain","optional":true},"disable_force_authentication":{"type":"bool","description_kind":"plain","optional":true},"disable_post_binding_authn_request":{"type":"bool","description_kind":"plain","optional":true},"disable_post_binding_logout":{"type":"bool","description_kind":"plain","optional":true},"disable_post_binding_response":{"type":"bool","description_kind":"plain","optional":true},"disable_using_jwks_url":{"type":"bool","description_kind":"plain","optional":true},"gui_order":{"type":"string","description_kind":"plain","optional":true},"hide_on_login_page":{"type":"bool","description_kind":"plain","optional":true},"ldap_group_attribute":{"type":"string","description_kind":"plain","optional":true},"name_id_policy_format":{"type":"string","description_kind":"plain","optional":true},"principal_type":{"type":"string","description_kind":"plain","optional":true},"saml_metadata_url":{"type":"string","description_kind":"plain","optional":true},"saml_xml_key_name_tranformer":{"type":"string","description_kind":"plain","optional":true},"signature_type":{"type":"string","description_kind":"plain","optional":true},"signing_certificate":{"type":"string","description_kind":"plain","optional":true},"single_logout_service_url":{"type":"string","description_kind":"plain","optional":true},"single_sign_on_service_url":{"type":"string","description_kind":"plain","required":true},"sync_mode":{"type":"string","description_kind":"plain","optional":true},"want_assertions_encrypted":{"type":"bool","description_kind":"plain","optional":true},"xml_sig_key_info_key_name_transformer":{"type":"string","description_kind":"plain","optional":true}},"description_kind":"plain"},"min_items":1,"max_items":1}},"description_kind":"plain"},"min_items":1,"max_items":1}},"description_kind":"plain","deprecated":true}},"cyral_integration_sso_gsuite":{"version":0,"block":{"attributes":{"draft_alias":{"type":"string","description_kind":"plain","optional":true},"id":{"type":"string","description_kind":"plain","optional":true,"computed":true}},"block_types":{"samlp":{"nesting_mode":"set","block":{"attributes":{"add_read_token_role_on_create":{"type":"bool","description_kind":"plain","optional":true},"disabled":{"type":"bool","description_kind":"plain","optional":true},"display_name":{"type":"string","description_kind":"plain","optional":true},"first_broker_login_flow_alias":{"type":"string","description_kind":"plain","optional":true},"internal_id":{"type":"string","description_kind":"plain","computed":true},"link_only":{"type":"bool","description_kind":"plain","optional":true},"post_broker_login_flow_alias":{"type":"string","description_kind":"plain","optional":true},"provider_id":{"type":"string","description_kind":"plain","optional":true},"store_token":{"type":"bool","description_kind":"plain","optional":true},"trust_email":{"type":"bool","description_kind":"plain","optional":true}},"block_types":{"config":{"nesting_mode":"set","block":{"attributes":{"allowed_clock_skew":{"type":"number","description_kind":"plain","optional":true},"back_channel_supported":{"type":"bool","description_kind":"plain","optional":true},"base_64_saml_metadata_document":{"type":"string","description_kind":"plain","optional":true},"disable_force_authentication":{"type":"bool","description_kind":"plain","optional":true},"disable_post_binding_authn_request":{"type":"bool","description_kind":"plain","optional":true},"disable_post_binding_logout":{"type":"bool","description_kind":"plain","optional":true},"disable_post_binding_response":{"type":"bool","description_kind":"plain","optional":true},"disable_using_jwks_url":{"type":"bool","description_kind":"plain","optional":true},"gui_order":{"type":"string","description_kind":"plain","optional":true},"hide_on_login_page":{"type":"bool","description_kind":"plain","optional":true},"ldap_group_attribute":{"type":"string","description_kind":"plain","optional":true},"name_id_policy_format":{"type":"string","description_kind":"plain","optional":true},"principal_type":{"type":"string","description_kind":"plain","optional":true},"saml_metadata_url":{"type":"string","description_kind":"plain","optional":true},"saml_xml_key_name_tranformer":{"type":"string","description_kind":"plain","optional":true},"signature_type":{"type":"string","description_kind":"plain","optional":true},"signing_certificate":{"type":"string","description_kind":"plain","optional":true},"single_logout_service_url":{"type":"string","description_kind":"plain","optional":true},"single_sign_on_service_url":{"type":"string","description_kind":"plain","required":true},"sync_mode":{"type":"string","description_kind":"plain","optional":true},"want_assertions_encrypted":{"type":"bool","description_kind":"plain","optional":true},"xml_sig_key_info_key_name_transformer":{"type":"string","description_kind":"plain","optional":true}},"description_kind":"plain"},"min_items":1,"max_items":1}},"description_kind":"plain"},"min_items":1,"max_items":1}},"description_kind":"plain","deprecated":true}},"cyral_integration_sso_okta":{"version":0,"block":{"attributes":{"draft_alias":{"type":"string","description_kind":"plain","optional":true},"id":{"type":"string","description_kind":"plain","optional":true,"computed":true}},"block_types":{"samlp":{"nesting_mode":"set","block":{"attributes":{"add_read_token_role_on_create":{"type":"bool","description_kind":"plain","optional":true},"disabled":{"type":"bool","description_kind":"plain","optional":true},"display_name":{"type":"string","description_kind":"plain","optional":true},"first_broker_login_flow_alias":{"type":"string","description_kind":"plain","optional":true},"internal_id":{"type":"string","description_kind":"plain","computed":true},"link_only":{"type":"bool","description_kind":"plain","optional":true},"post_broker_login_flow_alias":{"type":"string","description_kind":"plain","optional":true},"provider_id":{"type":"string","description_kind":"plain","optional":true},"store_token":{"type":"bool","description_kind":"plain","optional":true},"trust_email":{"type":"bool","description_kind":"plain","optional":true}},"block_types":{"config":{"nesting_mode":"set","block":{"attributes":{"allowed_clock_skew":{"type":"number","description_kind":"plain","optional":true},"back_channel_supported":{"type":"bool","description_kind":"plain","optional":true},"base_64_saml_metadata_document":{"type":"string","description_kind":"plain","optional":true},"disable_force_authentication":{"type":"bool","description_kind":"plain","optional":true},"disable_post_binding_authn_request":{"type":"bool","description_kind":"plain","optional":true},"disable_post_binding_logout":{"type":"bool","description_kind":"plain","optional":true},"disable_post_binding_response":{"type":"bool","description_kind":"plain","optional":true},"disable_using_jwks_url":{"type":"bool","description_kind":"plain","optional":true},"gui_order":{"type":"string","description_kind":"plain","optional":true},"hide_on_login_page":{"type":"bool","description_kind":"plain","optional":true},"ldap_group_attribute":{"type":"string","description_kind":"plain","optional":true},"name_id_policy_format":{"type":"string","description_kind":"plain","optional":true},"principal_type":{"type":"string","description_kind":"plain","optional":true},"saml_metadata_url":{"type":"string","description_kind":"plain","optional":true},"saml_xml_key_name_tranformer":{"type":"string","description_kind":"plain","optional":true},"signature_type":{"type":"string","description_kind":"plain","optional":true},"signing_certificate":{"type":"string","description_kind":"plain","optional":true},"single_logout_service_url":{"type":"string","description_kind":"plain","optional":true},"single_sign_on_service_url":{"type":"string","description_kind":"plain","required":true},"sync_mode":{"type":"string","description_kind":"plain","optional":true},"want_assertions_encrypted":{"type":"bool","description_kind":"plain","optional":true},"xml_sig_key_info_key_name_transformer":{"type":"string","description_kind":"plain","optional":true}},"description_kind":"plain"},"min_items":1,"max_items":1}},"description_kind":"plain"},"min_items":1,"max_items":1}},"description_kind":"plain","deprecated":true}},"cyral_integration_sso_ping_one":{"version":0,"block":{"attributes":{"draft_alias":{"type":"string","description_kind":"plain","optional":true},"id":{"type":"string","description_kind":"plain","optional":true,"computed":true}},"block_types":{"samlp":{"nesting_mode":"set","block":{"attributes":{"add_read_token_role_on_create":{"type":"bool","description_kind":"plain","optional":true},"disabled":{"type":"bool","description_kind":"plain","optional":true},"display_name":{"type":"string","description_kind":"plain","optional":true},"first_broker_login_flow_alias":{"type":"string","description_kind":"plain","optional":true},"internal_id":{"type":"string","description_kind":"plain","computed":true},"link_only":{"type":"bool","description_kind":"plain","optional":true},"post_broker_login_flow_alias":{"type":"string","description_kind":"plain","optional":true},"provider_id":{"type":"string","description_kind":"plain","optional":true},"store_token":{"type":"bool","description_kind":"plain","optional":true},"trust_email":{"type":"bool","description_kind":"plain","optional":true}},"block_types":{"config":{"nesting_mode":"set","block":{"attributes":{"allowed_clock_skew":{"type":"number","description_kind":"plain","optional":true},"back_channel_supported":{"type":"bool","description_kind":"plain","optional":true},"base_64_saml_metadata_document":{"type":"string","description_kind":"plain","optional":true},"disable_force_authentication":{"type":"bool","description_kind":"plain","optional":true},"disable_post_binding_authn_request":{"type":"bool","description_kind":"plain","optional":true},"disable_post_binding_logout":{"type":"bool","description_kind":"plain","optional":true},"disable_post_binding_response":{"type":"bool","description_kind":"plain","optional":true},"disable_using_jwks_url":{"type":"bool","description_kind":"plain","optional":true},"gui_order":{"type":"string","description_kind":"plain","optional":true},"hide_on_login_page":{"type":"bool","description_kind":"plain","optional":true},"ldap_group_attribute":{"type":"string","description_kind":"plain","optional":true},"name_id_policy_format":{"type":"string","description_kind":"plain","optional":true},"principal_type":{"type":"string","description_kind":"plain","optional":true},"saml_metadata_url":{"type":"string","description_kind":"plain","optional":true},"saml_xml_key_name_tranformer":{"type":"string","description_kind":"plain","optional":true},"signature_type":{"type":"string","description_kind":"plain","optional":true},"signing_certificate":{"type":"string","description_kind":"plain","optional":true},"single_logout_service_url":{"type":"string","description_kind":"plain","optional":true},"single_sign_on_service_url":{"type":"string","description_kind":"plain","required":true},"sync_mode":{"type":"string","description_kind":"plain","optional":true},"want_assertions_encrypted":{"type":"bool","description_kind":"plain","optional":true},"xml_sig_key_info_key_name_transformer":{"type":"string","description_kind":"plain","optional":true}},"description_kind":"plain"},"min_items":1,"max_items":1}},"description_kind":"plain"},"min_items":1,"max_items":1}},"description_kind":"plain","deprecated":true}},"cyral_integration_sumo_logic":{"version":0,"block":{"attributes":{"address":{"type":"string","description_kind":"plain","required":true,"sensitive":true},"id":{"type":"string","description_kind":"plain","optional":true,"computed":true},"name":{"type":"string","description_kind":"plain","required":true}},"description_kind":"plain"}},"cyral_policy":{"version":0,"block":{"attributes":{"created":{"type":"string","description_kind":"plain","computed":true},"data":{"type":["list","string"],"description_kind":"plain","optional":true},"description":{"type":"string","description_kind":"plain","optional":true},"enabled":{"type":"bool","description_kind":"plain","optional":true},"id":{"type":"string","description_kind":"plain","optional":true,"computed":true},"last_updated":{"type":"string","description_kind":"plain","computed":true},"name":{"type":"string","description_kind":"plain","required":true},"tags":{"type":["list","string"],"description_kind":"plain","optional":true},"type":{"type":"string","description_kind":"plain","computed":true},"version":{"type":"string","description_kind":"plain","computed":true}},"block_types":{"properties":{"nesting_mode":"set","block":{"attributes":{"description":{"type":"string","description_kind":"plain","required":true},"name":{"type":"string","description_kind":"plain","required":true}},"description_kind":"plain"}}},"description_kind":"plain"}},"cyral_policy_rule":{"version":0,"block":{"attributes":{"hosts":{"type":["list","string"],"description_kind":"plain","optional":true},"id":{"type":"string","description_kind":"plain","optional":true,"computed":true},"policy_id":{"type":"string","description_kind":"plain","required":true}},"block_types":{"deletes":{"nesting_mode":"list","block":{"attributes":{"additional_checks":{"type":"string","description_kind":"plain","optional":true},"data":{"type":["list","string"],"description_kind":"plain","required":true},"rows":{"type":"number","description_kind":"plain","required":true},"severity":{"type":"string","description_kind":"plain","optional":true}},"block_types":{"dataset_rewrites":{"nesting_mode":"list","block":{"attributes":{"dataset":{"type":"string","description_kind":"plain","required":true},"parameters":{"type":["list","string"],"description_kind":"plain","required":true},"repo":{"type":"string","description_kind":"plain","required":true},"substitution":{"type":"string","description_kind":"plain","required":true}},"description_kind":"plain"}}},"description_kind":"plain"}},"identities":{"nesting_mode":"list","block":{"attributes":{"db_roles":{"type":["list","string"],"description_kind":"plain","optional":true},"groups":{"type":["list","string"],"description_kind":"plain","optional":true},"services":{"type":["list","string"],"description_kind":"plain","optional":true},"users":{"type":["list","string"],"description_kind":"plain","optional":true}},"description_kind":"plain"},"max_items":1},"reads":{"nesting_mode":"list","block":{"attributes":{"additional_checks":{"type":"string","description_kind":"plain","optional":true},"data":{"type":["list","string"],"description_kind":"plain","required":true},"rows":{"type":"number","description_kind":"plain","required":true},"severity":{"type":"string","description_kind":"plain","optional":true}},"block_types":{"dataset_rewrites":{"nesting_mode":"list","block":{"attributes":{"dataset":{"type":"string","description_kind":"plain","required":true},"parameters":{"type":["list","string"],"description_kind":"plain","required":true},"repo":{"type":"string","description_kind":"plain","required":true},"substitution":{"type":"string","description_kind":"plain","required":true}},"description_kind":"plain"}}},"description_kind":"plain"}},"updates":{"nesting_mode":"list","block":{"attributes":{"additional_checks":{"type":"string","description_kind":"plain","optional":true},"data":{"type":["list","string"],"description_kind":"plain","required":true},"rows":{"type":"number","description_kind":"plain","required":true},"severity":{"type":"string","description_kind":"plain","optional":true}},"block_types":{"dataset_rewrites":{"nesting_mode":"list","block":{"attributes":{"dataset":{"type":"string","description_kind":"plain","required":true},"parameters":{"type":["list","string"],"description_kind":"plain","required":true},"repo":{"type":"string","description_kind":"plain","required":true},"substitution":{"type":"string","description_kind":"plain","required":true}},"description_kind":"plain"}}},"description_kind":"plain"}}},"description_kind":"plain"}},"cyral_repository":{"version":0,"block":{"attributes":{"host":{"type":"string","description_kind":"plain","required":true},"id":{"type":"string","description_kind":"plain","optional":true,"computed":true},"name":{"type":"string","description_kind":"plain","required":true},"port":{"type":"number","description_kind":"plain","required":true},"type":{"type":"string","description_kind":"plain","required":true}},"description_kind":"plain"}},"cyral_repository_binding":{"version":0,"block":{"attributes":{"enabled":{"type":"bool","description_kind":"plain","optional":true},"id":{"type":"string","description_kind":"plain","optional":true,"computed":true},"listener_host":{"type":"string","description_kind":"plain","optional":true},"listener_port":{"type":"number","description_kind":"plain","required":true},"repository_id":{"type":"string","description_kind":"plain","required":true},"sidecar_id":{"type":"string","description_kind":"plain","required":true}},"description_kind":"plain"}},"cyral_repository_conf_analysis":{"version":0,"block":{"attributes":{"alert_on_violation":{"type":"bool","description_kind":"plain","optional":true},"block_on_violation":{"type":"bool","description_kind":"plain","optional":true},"comment_annotation_groups":{"type":["set","string"],"description_kind":"plain","optional":true},"disable_filter_analysis":{"type":"bool","description_kind":"plain","optional":true},"disable_pre_configured_alerts":{"type":"bool","description_kind":"plain","optional":true},"id":{"type":"string","description_kind":"plain","optional":true,"computed":true},"log_groups":{"type":["set","string"],"description_kind":"plain","optional":true},"redact":{"type":"string","description_kind":"plain","optional":true},"repository_id":{"type":"string","description_kind":"plain","required":true},"rewrite_on_violation":{"type":"bool","description_kind":"plain","optional":true}},"description_kind":"plain"}},"cyral_repository_conf_auth":{"version":0,"block":{"attributes":{"allow_native_auth":{"type":"bool","description_kind":"plain","optional":true},"client_tls":{"type":"string","description_kind":"plain","optional":true},"id":{"type":"string","description_kind":"plain","optional":true,"computed":true},"identity_provider":{"type":"string","description_kind":"plain","optional":true},"repo_tls":{"type":"string","description_kind":"plain","optional":true},"repository_id":{"type":"string","description_kind":"plain","required":true}},"description_kind":"plain"}},"cyral_repository_identity_map":{"version":0,"block":{"attributes":{"id":{"type":"string","description_kind":"plain","optional":true,"computed":true},"identity_name":{"type":"string","description_kind":"plain","required":true},"identity_type":{"type":"string","description_kind":"plain","required":true},"repository_id":{"type":"string","description_kind":"plain","required":true},"repository_local_account_id":{"type":"string","description_kind":"plain","required":true}},"block_types":{"access_duration":{"nesting_mode":"set","block":{"attributes":{"days":{"type":"number","description_kind":"plain","optional":true},"hours":{"type":"number","description_kind":"plain","optional":true},"minutes":{"type":"number","description_kind":"plain","optional":true},"seconds":{"type":"number","description_kind":"plain","optional":true}},"description_kind":"plain"}}},"description_kind":"plain"}},"cyral_repository_local_account":{"version":0,"block":{"attributes":{"id":{"type":"string","description_kind":"plain","optional":true,"computed":true},"repository_id":{"type":"string","description_kind":"plain","required":true}},"block_types":{"aws_iam":{"nesting_mode":"set","block":{"attributes":{"database_name":{"type":"string","description_kind":"plain","optional":true},"local_account":{"type":"string","description_kind":"plain","required":true},"role_arn":{"type":"string","description_kind":"plain","required":true}},"description_kind":"plain"}},"aws_secrets_manager":{"nesting_mode":"set","block":{"attributes":{"database_name":{"type":"string","description_kind":"plain","optional":true},"local_account":{"type":"string","description_kind":"plain","required":true},"secret_arn":{"type":"string","description_kind":"plain","required":true}},"description_kind":"plain"}},"cyral_storage":{"nesting_mode":"set","block":{"attributes":{"database_name":{"type":"string","description_kind":"plain","optional":true},"local_account":{"type":"string","description_kind":"plain","required":true},"password":{"type":"string","description_kind":"plain","required":true,"sensitive":true}},"description_kind":"plain"}},"enviroment_variable":{"nesting_mode":"set","block":{"attributes":{"database_name":{"type":"string","description_kind":"plain","optional":true},"local_account":{"type":"string","description_kind":"plain","required":true},"variable_name":{"type":"string","description_kind":"plain","required":true}},"description_kind":"plain"}},"hashicorp_vault":{"nesting_mode":"set","block":{"attributes":{"database_name":{"type":"string","description_kind":"plain","optional":true},"local_account":{"type":"string","description_kind":"plain","required":true},"path":{"type":"string","description_kind":"plain","required":true}},"description_kind":"plain"}}},"description_kind":"plain"}},"cyral_sidecar":{"version":0,"block":{"attributes":{"deployment_method":{"type":"string","description_kind":"plain","required":true},"id":{"type":"string","description_kind":"plain","optional":true,"computed":true},"labels":{"type":["list","string"],"description_kind":"plain","optional":true},"name":{"type":"string","description_kind":"plain","required":true}},"description_kind":"plain"}},"cyral_sidecar_credentials":{"version":0,"block":{"attributes":{"client_id":{"type":"string","description_kind":"plain","computed":true},"client_secret":{"type":"string","description_kind":"plain","computed":true,"sensitive":true},"id":{"type":"string","description_kind":"plain","optional":true,"computed":true},"sidecar_id":{"type":"string","description_kind":"plain","required":true}},"description_kind":"plain"}}},"data_source_schemas":{"cyral_saml_certificate":{"version":0,"block":{"attributes":{"certificate":{"type":"string","description":"The X.509 certificate used for signing SAML requests.","description_kind":"plain","computed":true},"id":{"type":"string","description_kind":"plain","optional":true,"computed":true}},"description":"Retrieves a X.509 certificate used for signing SAML requests.","description_kind":"plain"}},"cyral_saml_configuration":{"version":0,"block":{"attributes":{"allowed_clock_skew":{"type":"number","description_kind":"plain","computed":true},"back_channel_supported":{"type":"bool","description_kind":"plain","computed":true},"base_64_saml_metadata_document":{"type":"string","description_kind":"plain","optional":true},"disable_force_authentication":{"type":"bool","description_kind":"plain","computed":true},"disable_post_binding_authn_request":{"type":"bool","description_kind":"plain","computed":true},"disable_post_binding_logout":{"type":"bool","description_kind":"plain","computed":true},"disable_post_binding_response":{"type":"bool","description_kind":"plain","computed":true},"disable_using_jwks_url":{"type":"bool","description_kind":"plain","computed":true},"disable_validate_signature":{"type":"bool","description_kind":"plain","computed":true},"disable_want_assertions_signed":{"type":"bool","description_kind":"plain","computed":true},"disable_want_authn_requests_signed":{"type":"bool","description_kind":"plain","computed":true},"gui_order":{"type":"string","description_kind":"plain","computed":true},"hide_on_login_page":{"type":"bool","description_kind":"plain","computed":true},"id":{"type":"string","description_kind":"plain","optional":true,"computed":true},"ldap_group_attribute":{"type":"string","description_kind":"plain","computed":true},"name_id_policy_format":{"type":"string","description_kind":"plain","computed":true},"principal_type":{"type":"string","description_kind":"plain","computed":true},"saml_metadata_url":{"type":"string","description_kind":"plain","optional":true},"saml_xml_key_name_tranformer":{"type":"string","description_kind":"plain","computed":true},"signature_type":{"type":"string","description_kind":"plain","computed":true},"signing_certificate":{"type":"string","description_kind":"plain","computed":true},"single_logout_service_url":{"type":"string","description_kind":"plain","computed":true},"single_sign_on_service_url":{"type":"string","description_kind":"plain","computed":true},"sync_mode":{"type":"string","description_kind":"plain","computed":true},"want_assertions_encrypted":{"type":"bool","description_kind":"plain","computed":true},"xml_sig_key_info_key_name_transformer":{"type":"string","description_kind":"plain","computed":true}},"description_kind":"plain"}},"cyral_sidecar_cft_template":{"version":0,"block":{"attributes":{"id":{"type":"string","description_kind":"plain","optional":true,"computed":true},"log_integration_id":{"type":"string","description_kind":"plain","optional":true},"metrics_integration_id":{"type":"string","description_kind":"plain","optional":true},"sidecar_id":{"type":"string","description_kind":"plain","required":true},"template":{"type":"string","description_kind":"plain","optional":true,"computed":true}},"block_types":{"aws_configuration":{"nesting_mode":"set","block":{"attributes":{"key_name":{"type":"string","description_kind":"plain","optional":true},"publicly_accessible":{"type":"bool","description_kind":"plain","required":true}},"description_kind":"plain"},"min_items":1}},"description_kind":"plain"}}}}}}
