{"format_version":"0.2","provider_schemas":{"registry.terraform.io/danitso/ironio":{"provider":{"version":0,"block":{"attributes":{"load_config_file":{"type":"bool","description":"Whether to load the iron.json configuration file","description_kind":"plain","optional":true}},"block_types":{"auth":{"nesting_mode":"list","block":{"attributes":{"host":{"type":"string","description":"The IronAuth hostname or IP address","description_kind":"plain","optional":true},"port":{"type":"number","description":"The IronAuth port number","description_kind":"plain","optional":true},"protocol":{"type":"string","description":"The IronAuth protocol (HTTP or HTTPS)","description_kind":"plain","optional":true},"token":{"type":"string","description":"The IronAuth token (OAuth)","description_kind":"plain","optional":true}},"description_kind":"plain"},"max_items":1},"cache":{"nesting_mode":"list","block":{"attributes":{"host":{"type":"string","description":"The IronCache hostname or IP address","description_kind":"plain","optional":true},"port":{"type":"number","description":"The IronCache port number","description_kind":"plain","optional":true},"protocol":{"type":"string","description":"The IronCache protocol (HTTP or HTTPS)","description_kind":"plain","optional":true}},"description_kind":"plain"},"max_items":1},"mq":{"nesting_mode":"list","block":{"attributes":{"host":{"type":"string","description":"The IronMQ hostname or IP address","description_kind":"plain","optional":true},"port":{"type":"number","description":"The IronMQ port number","description_kind":"plain","optional":true},"protocol":{"type":"string","description":"The IronMQ protocol (HTTP or HTTPS)","description_kind":"plain","optional":true}},"description_kind":"plain"},"max_items":1},"worker":{"nesting_mode":"list","block":{"attributes":{"host":{"type":"string","description":"The IronWorker hostname or IP address","description_kind":"plain","optional":true},"port":{"type":"number","description":"The IronWorker port number","description_kind":"plain","optional":true},"protocol":{"type":"string","description":"The IronWorker protocol (HTTP or HTTPS)","description_kind":"plain","optional":true}},"description_kind":"plain"},"max_items":1}},"description_kind":"plain"}},"resource_schemas":{"ironio_project":{"version":0,"block":{"attributes":{"id":{"type":"string","description_kind":"plain","optional":true,"computed":true},"name":{"type":"string","description":"The name of the project","description_kind":"plain","required":true}},"description_kind":"plain"}},"ironio_pull_queue":{"version":0,"block":{"attributes":{"id":{"type":"string","description_kind":"plain","optional":true,"computed":true},"message_count":{"type":"number","description":"The number of messages currently in the queue","description_kind":"plain","computed":true},"message_count_total":{"type":"number","description":"The number of messages which have been processed by the queue","description_kind":"plain","computed":true},"name":{"type":"string","description":"The name of the queue","description_kind":"plain","required":true},"project_id":{"type":"string","description":"The project id","description_kind":"plain","required":true}},"description_kind":"plain"}},"ironio_push_queue":{"version":0,"block":{"attributes":{"error_queue":{"type":"string","description":"The name of an error queue","description_kind":"plain","optional":true},"id":{"type":"string","description_kind":"plain","optional":true,"computed":true},"message_count":{"type":"number","description":"The number of messages currently in the queue","description_kind":"plain","computed":true},"message_count_total":{"type":"number","description":"The number of messages which have been processed by the queue","description_kind":"plain","computed":true},"multicast":{"type":"bool","description":"Whether to create a multicast push queue","description_kind":"plain","optional":true},"name":{"type":"string","description":"The name of the queue","description_kind":"plain","required":true},"project_id":{"type":"string","description":"The project id","description_kind":"plain","required":true},"retries":{"type":"number","description":"The number of retries before moving on to the next message","description_kind":"plain","optional":true},"retries_delay":{"type":"number","description":"The number of seconds to wait before re-sending a failed message","description_kind":"plain","optional":true}},"block_types":{"subscriber":{"nesting_mode":"list","block":{"attributes":{"headers":{"type":["map","string"],"description_kind":"plain","optional":true},"name":{"type":"string","description_kind":"plain","optional":true},"url":{"type":"string","description_kind":"plain","required":true}},"description_kind":"plain"},"min_items":1}},"description_kind":"plain"}}},"data_source_schemas":{"ironio_projects":{"version":0,"block":{"attributes":{"id":{"type":"string","description_kind":"plain","optional":true,"computed":true},"ids":{"type":["list","string"],"description_kind":"plain","computed":true},"names":{"type":["list","string"],"description_kind":"plain","computed":true}},"block_types":{"filter":{"nesting_mode":"list","block":{"attributes":{"name":{"type":"string","description":"The name filter","description_kind":"plain","optional":true}},"description_kind":"plain"},"max_items":1}},"description_kind":"plain"}},"ironio_pull_queue":{"version":0,"block":{"attributes":{"id":{"type":"string","description_kind":"plain","optional":true,"computed":true},"message_count":{"type":"number","description":"The number of messages currently in the queue","description_kind":"plain","computed":true},"message_count_total":{"type":"number","description":"The number of messages which have been processed by the queue","description_kind":"plain","computed":true},"name":{"type":"string","description":"The name of the queue","description_kind":"plain","required":true},"project_id":{"type":"string","description":"The project id","description_kind":"plain","required":true}},"description_kind":"plain"}},"ironio_push_queue":{"version":0,"block":{"attributes":{"error_queue":{"type":"string","description":"The name of an error queue","description_kind":"plain","computed":true},"id":{"type":"string","description_kind":"plain","optional":true,"computed":true},"message_count":{"type":"number","description":"The number of messages currently in the queue","description_kind":"plain","computed":true},"message_count_total":{"type":"number","description":"The number of messages which have been processed by the queue","description_kind":"plain","computed":true},"multicast":{"type":"bool","description":"Whether to create a multicast push queue","description_kind":"plain","computed":true},"name":{"type":"string","description":"The name of the queue","description_kind":"plain","required":true},"project_id":{"type":"string","description":"The project id","description_kind":"plain","required":true},"retries":{"type":"number","description":"The number of retries before moving on to the next message","description_kind":"plain","computed":true},"retries_delay":{"type":"number","description":"The number of seconds to wait before re-sending a failed message","description_kind":"plain","computed":true},"subscriber":{"type":["list",["object",{"headers":["map","string"],"name":"string","url":"string"}]],"description_kind":"plain","computed":true}},"description_kind":"plain"}},"ironio_queues":{"version":0,"block":{"attributes":{"id":{"type":"string","description_kind":"plain","optional":true,"computed":true},"names":{"type":["list","string"],"description_kind":"plain","computed":true},"project_id":{"type":"string","description":"The project id","description_kind":"plain","required":true},"types":{"type":["list","string"],"description_kind":"plain","computed":true}},"block_types":{"filter":{"nesting_mode":"list","block":{"attributes":{"name":{"type":"string","description":"The name filter","description_kind":"plain","optional":true},"pull":{"type":"bool","description":"Whether to include pull queues","description_kind":"plain","optional":true},"push":{"type":"bool","description":"Whether to include push queues","description_kind":"plain","optional":true}},"description_kind":"plain"},"max_items":1}},"description_kind":"plain"}}}}}}
