{"format_version":"0.2","provider_schemas":{"registry.terraform.io/danitso/clouddk":{"provider":{"version":0,"block":{"attributes":{"endpoint":{"type":"string","description":"The API endpoint","description_kind":"plain","optional":true},"key":{"type":"string","description":"The API key","description_kind":"plain","required":true}},"description_kind":"plain"}},"resource_schemas":{"clouddk_disk":{"version":0,"block":{"attributes":{"id":{"type":"string","description_kind":"plain","optional":true,"computed":true},"label":{"type":"string","description":"The disk label","description_kind":"plain","required":true},"primary":{"type":"bool","description":"Whether the disk is the primary disk","description_kind":"plain","computed":true},"server_id":{"type":"string","description":"The server identifier","description_kind":"plain","required":true},"size":{"type":"number","description":"The disk size in gigabytes","description_kind":"plain","required":true}},"description_kind":"plain"}},"clouddk_firewall_rule":{"version":0,"block":{"attributes":{"address":{"type":"string","description":"The CIDR block for the firewall rule","description_kind":"plain","required":true},"command":{"type":"string","description":"The command for the firewall rule","description_kind":"plain","required":true},"id":{"type":"string","description_kind":"plain","optional":true,"computed":true},"network_interface_id":{"type":"string","description":"The network interface identifier","description_kind":"plain","required":true},"port":{"type":"string","description":"The port for the firewall rule","description_kind":"plain","required":true},"protocol":{"type":"string","description":"The protocol for the firewall rule","description_kind":"plain","required":true},"server_id":{"type":"string","description":"The server identifier","description_kind":"plain","required":true}},"description_kind":"plain"}},"clouddk_ip_address":{"version":0,"block":{"attributes":{"address":{"type":"string","description":"The IP address","description_kind":"plain","computed":true},"gateway":{"type":"string","description":"The gateway address","description_kind":"plain","computed":true},"id":{"type":"string","description_kind":"plain","optional":true,"computed":true},"netmask":{"type":"string","description":"The netmask","description_kind":"plain","computed":true},"network":{"type":"string","description":"The network address","description_kind":"plain","computed":true},"network_interface_id":{"type":"string","description":"The network interface id","description_kind":"plain","computed":true},"server_id":{"type":"string","description":"The server identifier","description_kind":"plain","required":true}},"description_kind":"plain"}},"clouddk_server":{"version":0,"block":{"attributes":{"booted":{"type":"bool","description":"Whether the server has been booted","description_kind":"plain","computed":true},"cpus":{"type":"number","description":"The server's CPU count","description_kind":"plain","computed":true},"disk_ids":{"type":["list","string"],"description":"The server's disk identifiers","description_kind":"plain","computed":true},"disk_labels":{"type":["list","string"],"description":"The server's disk labels","description_kind":"plain","computed":true},"disk_primary":{"type":["list","bool"],"description":"Whether a disk is the primary disk","description_kind":"plain","computed":true},"disk_sizes":{"type":["list","number"],"description":"The server's disk sizes in gigabytes","description_kind":"plain","computed":true},"hostname":{"type":"string","description":"The hostname","description_kind":"plain","required":true},"id":{"type":"string","description_kind":"plain","optional":true,"computed":true},"label":{"type":"string","description":"The label","description_kind":"plain","required":true},"location_id":{"type":"string","description":"The location identifier","description_kind":"plain","required":true},"location_name":{"type":"string","description":"The location name","description_kind":"plain","computed":true},"memory":{"type":"number","description":"The server's memory allocation in megabytes","description_kind":"plain","computed":true},"network_interface_addresses":{"type":["list",["list","string"]],"description":"The IP addresses assigned to the server's network interfaces","description_kind":"plain","computed":true},"network_interface_default_firewall_rules":{"type":["list","string"],"description":"The default firewall rules for the server's network interfaces","description_kind":"plain","computed":true},"network_interface_firewall_rules_addresses":{"type":["list",["list","string"]],"description":"The CIDR blocks for the firewall rules assigned to the server's network interfaces","description_kind":"plain","computed":true},"network_interface_firewall_rules_commands":{"type":["list",["list","string"]],"description":"The commands for the firewall rules assigned to the server's network interfaces","description_kind":"plain","computed":true},"network_interface_firewall_rules_ids":{"type":["list",["list","string"]],"description":"The identifiers for the firewall rules assigned to the server's network interfaces","description_kind":"plain","computed":true},"network_interface_firewall_rules_ports":{"type":["list",["list","string"]],"description":"The ports of the firewall rules assigned to the server's network interfaces","description_kind":"plain","computed":true},"network_interface_firewall_rules_protocols":{"type":["list",["list","string"]],"description":"The protocols for the firewall rules assigned to the server's network interfaces","description_kind":"plain","computed":true},"network_interface_gateways":{"type":["list",["list","string"]],"description":"The gateways assigned to the server's network interfaces","description_kind":"plain","computed":true},"network_interface_ids":{"type":["list","string"],"description":"The server's network interface identifiers","description_kind":"plain","computed":true},"network_interface_labels":{"type":["list","string"],"description":"The server's network interface labels","description_kind":"plain","computed":true},"network_interface_netmasks":{"type":["list",["list","string"]],"description":"The netmasks assigned to the server's network interfaces","description_kind":"plain","computed":true},"network_interface_networks":{"type":["list",["list","string"]],"description":"The networks assigned to the server's network interfaces","description_kind":"plain","computed":true},"network_interface_primary":{"type":["list","bool"],"description":"Whether a network interface is the primary interface","description_kind":"plain","computed":true},"network_interface_rate_limits":{"type":["list","number"],"description":"The rate limits for the server's network interfaces","description_kind":"plain","computed":true},"package_id":{"type":"string","description":"The package identifier","description_kind":"plain","required":true},"package_name":{"type":"string","description":"The package name","description_kind":"plain","computed":true},"primary_network_interface_default_firewall_rule":{"type":"string","description":"The default firewall rule for the primary network interface","description_kind":"plain","optional":true},"primary_network_interface_label":{"type":"string","description":"The label for the primary network interface","description_kind":"plain","optional":true},"root_password":{"type":"string","description":"The root password","description_kind":"plain","required":true,"sensitive":true},"template_id":{"type":"string","description":"The template identifier","description_kind":"plain","required":true},"template_name":{"type":"string","description":"The template name","description_kind":"plain","computed":true}},"description_kind":"plain"}}},"data_source_schemas":{"clouddk_disk":{"version":0,"block":{"attributes":{"id":{"type":"string","description":"The disk identifier","description_kind":"plain","required":true},"label":{"type":"string","description":"The disk label","description_kind":"plain","computed":true},"primary":{"type":"bool","description":"Whether the disk is the primary disk","description_kind":"plain","computed":true},"server_id":{"type":"string","description":"The server identifier","description_kind":"plain","required":true},"size":{"type":"number","description":"The disk size in gigabytes","description_kind":"plain","computed":true}},"description_kind":"plain"}},"clouddk_disks":{"version":0,"block":{"attributes":{"id":{"type":"string","description":"The server identifier","description_kind":"plain","required":true},"ids":{"type":["list","string"],"description":"The server's disk identifiers","description_kind":"plain","computed":true},"labels":{"type":["list","string"],"description":"The server's disk labels","description_kind":"plain","computed":true},"primary":{"type":["list","bool"],"description":"Whether a disk is the primary disk","description_kind":"plain","computed":true},"sizes":{"type":["list","number"],"description":"The server's disk sizes in gigabytes","description_kind":"plain","computed":true}},"description_kind":"plain"}},"clouddk_firewall_rule":{"version":0,"block":{"attributes":{"address":{"type":"string","description":"The CIDR block for the firewall rule","description_kind":"plain","computed":true},"command":{"type":"string","description":"The command for the firewall rule","description_kind":"plain","computed":true},"id":{"type":"string","description":"The firewall rule identifier","description_kind":"plain","required":true},"network_interface_id":{"type":"string","description":"The network interface identifier","description_kind":"plain","required":true},"port":{"type":"string","description":"The port for the firewall rule","description_kind":"plain","computed":true},"protocol":{"type":"string","description":"The protocol for the firewall rule","description_kind":"plain","computed":true},"server_id":{"type":"string","description":"The server identifier","description_kind":"plain","required":true}},"description_kind":"plain"}},"clouddk_firewall_rules":{"version":0,"block":{"attributes":{"addresses":{"type":["list","string"],"description":"The CIDR blocks for the firewall rules assigned to the server's network interfaces","description_kind":"plain","computed":true},"commands":{"type":["list","string"],"description":"The commands for the firewall rules assigned to the server's network interfaces","description_kind":"plain","computed":true},"id":{"type":"string","description":"The network interface identifier","description_kind":"plain","required":true},"ids":{"type":["list","string"],"description":"The identifiers for the firewall rules assigned to the server's network interfaces","description_kind":"plain","computed":true},"ports":{"type":["list","string"],"description":"The ports of the firewall rules assigned to the server's network interfaces","description_kind":"plain","computed":true},"protocols":{"type":["list","string"],"description":"The protocols for the firewall rules assigned to the server's network interfaces","description_kind":"plain","computed":true},"server_id":{"type":"string","description":"The server identifier","description_kind":"plain","required":true}},"description_kind":"plain"}},"clouddk_ip_addresses":{"version":0,"block":{"attributes":{"addresses":{"type":["list","string"],"description":"The IP addresses assigned to the server's network interfaces","description_kind":"plain","computed":true},"gateways":{"type":["list","string"],"description":"The gateways assigned to the server's network interfaces","description_kind":"plain","computed":true},"id":{"type":"string","description":"The server identifier","description_kind":"plain","required":true},"netmasks":{"type":["list","string"],"description":"The netmasks assigned to the server's network interfaces","description_kind":"plain","computed":true},"network_interface_ids":{"type":["list","string"],"description":"The network interface identifiers","description_kind":"plain","computed":true},"networks":{"type":["list","string"],"description":"The networks assigned to the server's network interfaces","description_kind":"plain","computed":true}},"description_kind":"plain"}},"clouddk_locations":{"version":0,"block":{"attributes":{"id":{"type":"string","description_kind":"plain","optional":true,"computed":true},"ids":{"type":["list","string"],"description_kind":"plain","computed":true},"names":{"type":["list","string"],"description_kind":"plain","computed":true}},"description_kind":"plain"}},"clouddk_network_interface":{"version":0,"block":{"attributes":{"addresses":{"type":["list","string"],"description":"The IP addresses assigned to the server's network interfaces","description_kind":"plain","computed":true},"default_firewall_rule":{"type":"string","description":"The default firewall rule for the network interface","description_kind":"plain","computed":true},"firewall_rules_addresses":{"type":["list","string"],"description":"The CIDR blocks for the firewall rules assigned to the server's network interfaces","description_kind":"plain","computed":true},"firewall_rules_commands":{"type":["list","string"],"description":"The commands for the firewall rules assigned to the server's network interfaces","description_kind":"plain","computed":true},"firewall_rules_ids":{"type":["list","string"],"description":"The identifiers for the firewall rules assigned to the server's network interfaces","description_kind":"plain","computed":true},"firewall_rules_ports":{"type":["list","string"],"description":"The ports of the firewall rules assigned to the server's network interfaces","description_kind":"plain","computed":true},"firewall_rules_protocols":{"type":["list","string"],"description":"The protocols for the firewall rules assigned to the server's network interfaces","description_kind":"plain","computed":true},"gateways":{"type":["list","string"],"description":"The gateways assigned to the server's network interfaces","description_kind":"plain","computed":true},"id":{"type":"string","description":"The network interface identifier","description_kind":"plain","required":true},"label":{"type":"string","description":"The network interface label","description_kind":"plain","computed":true},"netmasks":{"type":["list","string"],"description":"The netmasks assigned to the server's network interfaces","description_kind":"plain","computed":true},"networks":{"type":["list","string"],"description":"The networks assigned to the server's network interfaces","description_kind":"plain","computed":true},"primary":{"type":"bool","description":"Whether the network interface is the primary interface","description_kind":"plain","computed":true},"rate_limit":{"type":"number","description":"The rate limit for the network interface","description_kind":"plain","computed":true},"server_id":{"type":"string","description":"The server identifier","description_kind":"plain","required":true}},"description_kind":"plain"}},"clouddk_network_interfaces":{"version":0,"block":{"attributes":{"addresses":{"type":["list",["list","string"]],"description":"The IP addresses assigned to the server's network interfaces","description_kind":"plain","computed":true},"default_firewall_rules":{"type":["list","string"],"description":"The default firewall rules for the server's network interfaces","description_kind":"plain","computed":true},"firewall_rules_addresses":{"type":["list",["list","string"]],"description":"The CIDR blocks for the firewall rules assigned to the server's network interfaces","description_kind":"plain","computed":true},"firewall_rules_commands":{"type":["list",["list","string"]],"description":"The commands for the firewall rules assigned to the server's network interfaces","description_kind":"plain","computed":true},"firewall_rules_ids":{"type":["list",["list","string"]],"description":"The identifiers for the firewall rules assigned to the server's network interfaces","description_kind":"plain","computed":true},"firewall_rules_ports":{"type":["list",["list","string"]],"description":"The ports of the firewall rules assigned to the server's network interfaces","description_kind":"plain","computed":true},"firewall_rules_protocols":{"type":["list",["list","string"]],"description":"The protocols for the firewall rules assigned to the server's network interfaces","description_kind":"plain","computed":true},"gateways":{"type":["list",["list","string"]],"description":"The gateways assigned to the server's network interfaces","description_kind":"plain","computed":true},"id":{"type":"string","description":"The server identifier","description_kind":"plain","required":true},"ids":{"type":["list","string"],"description":"The server's network interface identifiers","description_kind":"plain","computed":true},"labels":{"type":["list","string"],"description":"The server's network interface labels","description_kind":"plain","computed":true},"netmasks":{"type":["list",["list","string"]],"description":"The netmasks assigned to the server's network interfaces","description_kind":"plain","computed":true},"networks":{"type":["list",["list","string"]],"description":"The networks assigned to the server's network interfaces","description_kind":"plain","computed":true},"primary":{"type":["list","bool"],"description":"Whether a network interface is the primary interface","description_kind":"plain","computed":true},"rate_limits":{"type":["list","number"],"description":"The rate limits for the server's network interfaces","description_kind":"plain","computed":true}},"description_kind":"plain"}},"clouddk_packages":{"version":0,"block":{"attributes":{"id":{"type":"string","description_kind":"plain","optional":true,"computed":true},"ids":{"type":["list","string"],"description_kind":"plain","computed":true},"names":{"type":["list","string"],"description_kind":"plain","computed":true}},"description_kind":"plain"}},"clouddk_server":{"version":0,"block":{"attributes":{"booted":{"type":"bool","description":"Whether the server has been booted","description_kind":"plain","computed":true},"cpus":{"type":"number","description":"The server's CPU count","description_kind":"plain","computed":true},"disk_ids":{"type":["list","string"],"description":"The server's disk identifiers","description_kind":"plain","computed":true},"disk_labels":{"type":["list","string"],"description":"The server's disk labels","description_kind":"plain","computed":true},"disk_primary":{"type":["list","bool"],"description":"Whether a disk is the primary disk","description_kind":"plain","computed":true},"disk_sizes":{"type":["list","number"],"description":"The server's disk sizes in gigabytes","description_kind":"plain","computed":true},"hostname":{"type":"string","description":"The server hostname","description_kind":"plain","computed":true},"id":{"type":"string","description":"The server identifier","description_kind":"plain","required":true},"label":{"type":"string","description":"The server label","description_kind":"plain","computed":true},"location_id":{"type":"string","description":"The location identifier","description_kind":"plain","computed":true},"location_name":{"type":"string","description":"The location name","description_kind":"plain","computed":true},"memory":{"type":"number","description":"The server's memory allocation in megabytes","description_kind":"plain","computed":true},"network_interface_addresses":{"type":["list",["list","string"]],"description":"The IP addresses assigned to the server's network interfaces","description_kind":"plain","computed":true},"network_interface_default_firewall_rules":{"type":["list","string"],"description":"The default firewall rules for the server's network interfaces","description_kind":"plain","computed":true},"network_interface_firewall_rules_addresses":{"type":["list",["list","string"]],"description":"The CIDR blocks for the firewall rules assigned to the server's network interfaces","description_kind":"plain","computed":true},"network_interface_firewall_rules_commands":{"type":["list",["list","string"]],"description":"The commands for the firewall rules assigned to the server's network interfaces","description_kind":"plain","computed":true},"network_interface_firewall_rules_ids":{"type":["list",["list","string"]],"description":"The identifiers for the firewall rules assigned to the server's network interfaces","description_kind":"plain","computed":true},"network_interface_firewall_rules_ports":{"type":["list",["list","string"]],"description":"The ports of the firewall rules assigned to the server's network interfaces","description_kind":"plain","computed":true},"network_interface_firewall_rules_protocols":{"type":["list",["list","string"]],"description":"The protocols for the firewall rules assigned to the server's network interfaces","description_kind":"plain","computed":true},"network_interface_gateways":{"type":["list",["list","string"]],"description":"The gateways assigned to the server's network interfaces","description_kind":"plain","computed":true},"network_interface_ids":{"type":["list","string"],"description":"The server's network interface identifiers","description_kind":"plain","computed":true},"network_interface_labels":{"type":["list","string"],"description":"The server's network interface labels","description_kind":"plain","computed":true},"network_interface_netmasks":{"type":["list",["list","string"]],"description":"The netmasks assigned to the server's network interfaces","description_kind":"plain","computed":true},"network_interface_networks":{"type":["list",["list","string"]],"description":"The networks assigned to the server's network interfaces","description_kind":"plain","computed":true},"network_interface_primary":{"type":["list","bool"],"description":"Whether a network interface is the primary interface","description_kind":"plain","computed":true},"network_interface_rate_limits":{"type":["list","number"],"description":"The rate limits for the server's network interfaces","description_kind":"plain","computed":true},"package_id":{"type":"string","description":"The package identifier","description_kind":"plain","computed":true},"package_name":{"type":"string","description":"The package name","description_kind":"plain","computed":true},"template_id":{"type":"string","description":"The template identifier","description_kind":"plain","computed":true},"template_name":{"type":"string","description":"The template name","description_kind":"plain","computed":true}},"description_kind":"plain"}},"clouddk_servers":{"version":0,"block":{"attributes":{"hostnames":{"type":["list","string"],"description_kind":"plain","computed":true},"id":{"type":"string","description_kind":"plain","optional":true,"computed":true},"ids":{"type":["list","string"],"description_kind":"plain","computed":true},"labels":{"type":["list","string"],"description_kind":"plain","computed":true},"location_ids":{"type":["list","string"],"description_kind":"plain","computed":true},"location_names":{"type":["list","string"],"description_kind":"plain","computed":true},"package_ids":{"type":["list","string"],"description_kind":"plain","computed":true},"package_names":{"type":["list","string"],"description_kind":"plain","computed":true},"template_ids":{"type":["list","string"],"description_kind":"plain","computed":true},"template_names":{"type":["list","string"],"description_kind":"plain","computed":true}},"block_types":{"filter":{"nesting_mode":"list","block":{"attributes":{"hostname":{"type":"string","description":"The hostname filter","description_kind":"plain","optional":true}},"description_kind":"plain"},"max_items":1}},"description_kind":"plain"}},"clouddk_templates":{"version":0,"block":{"attributes":{"id":{"type":"string","description_kind":"plain","optional":true,"computed":true},"ids":{"type":["list","string"],"description_kind":"plain","computed":true},"names":{"type":["list","string"],"description_kind":"plain","computed":true}},"block_types":{"filter":{"nesting_mode":"list","block":{"attributes":{"name":{"type":"string","description":"The name filter","description_kind":"plain","optional":true}},"description_kind":"plain"},"max_items":1}},"description_kind":"plain"}}}}}}
