{"format_version":"0.2","provider_schemas":{"registry.terraform.io/danielr1996/hdns":{"provider":{"version":0,"block":{"attributes":{"token":{"type":"string","description_kind":"plain","optional":true}},"description_kind":"plain"}},"resource_schemas":{"hdns_record":{"version":0,"block":{"attributes":{"id":{"type":"string","description_kind":"plain","optional":true,"computed":true},"name":{"type":"string","description_kind":"plain","required":true},"type":{"type":"string","description_kind":"plain","required":true},"value":{"type":"string","description_kind":"plain","required":true},"zone_id":{"type":"string","description_kind":"plain","required":true}},"description_kind":"plain"}}},"data_source_schemas":{"hdns_record":{"version":0,"block":{"attributes":{"created":{"type":"string","description_kind":"plain","optional":true,"computed":true},"id":{"type":"string","description_kind":"plain","optional":true,"computed":true},"modified":{"type":"string","description_kind":"plain","optional":true,"computed":true},"name":{"type":"string","description_kind":"plain","optional":true,"computed":true},"type":{"type":"string","description_kind":"plain","optional":true,"computed":true},"value":{"type":"string","description_kind":"plain","optional":true,"computed":true},"zone_id":{"type":"string","description_kind":"plain","optional":true,"computed":true}},"description_kind":"plain"}},"hdns_zone":{"version":0,"block":{"attributes":{"id":{"type":"string","description_kind":"plain","optional":true,"computed":true},"name":{"type":"string","description_kind":"plain","optional":true,"computed":true},"ttl":{"type":"number","description_kind":"plain","optional":true,"computed":true}},"description_kind":"plain"}}}}}}
