{"format_version":"0.2","provider_schemas":{"registry.terraform.io/danielmabbett/jenkinsci":{"provider":{"version":0,"block":{"attributes":{"insecure":{"type":"bool","description":"Specify if the connection is insecure or not, default is true (http).","description_kind":"plain","optional":true},"jenkins_admin_password":{"type":"string","description":"The Admin Password for the Jenkins CI Server.","description_kind":"plain","required":true},"jenkins_admin_username":{"type":"string","description":"The Admin Username for the Jenkins CI Server.","description_kind":"plain","required":true},"jenkins_endpoint":{"type":"string","description":"The endpoint (URL) for the Jenkins CI Server.","description_kind":"plain","required":true}},"description_kind":"plain"}},"resource_schemas":{"jenkinsci_credential_secret_text":{"version":0,"block":{"attributes":{"alias_id":{"type":"string","description_kind":"plain","optional":true},"description":{"type":"string","description_kind":"plain","optional":true},"domain":{"type":"string","description_kind":"plain","required":true},"id":{"type":"string","description_kind":"plain","optional":true,"computed":true},"name":{"type":"string","description_kind":"plain","required":true},"scope":{"type":"string","description_kind":"plain","required":true},"secret":{"type":"string","description_kind":"plain","required":true}},"description_kind":"plain"}},"jenkinsci_folder":{"version":0,"block":{"attributes":{"description":{"type":"string","description_kind":"plain","optional":true},"id":{"type":"string","description_kind":"plain","optional":true,"computed":true},"name":{"type":"string","description_kind":"plain","required":true},"parent_folder":{"type":"string","description_kind":"plain","optional":true}},"description_kind":"plain"}},"jenkinsci_pipeline":{"version":0,"block":{"attributes":{"description":{"type":"string","description_kind":"plain","optional":true},"disabled":{"type":"bool","description_kind":"plain","optional":true},"folder":{"type":"string","description_kind":"plain","optional":true},"id":{"type":"string","description_kind":"plain","optional":true,"computed":true},"name":{"type":"string","description_kind":"plain","required":true},"pipeline_script":{"type":"string","description_kind":"plain","optional":true}},"description_kind":"plain"}},"jenkinsci_plugin":{"version":0,"block":{"attributes":{"id":{"type":"string","description_kind":"plain","optional":true,"computed":true},"name":{"type":"string","description_kind":"plain","required":true},"version":{"type":"string","description_kind":"plain","required":true}},"description_kind":"plain"}},"jenkinsci_project":{"version":0,"block":{"attributes":{"additional_config":{"type":"string","description_kind":"plain","optional":true},"assigned_node":{"type":"string","description_kind":"plain","optional":true},"description":{"type":"string","description_kind":"plain","optional":true},"disabled":{"type":"bool","description_kind":"plain","optional":true},"folder":{"type":"string","description_kind":"plain","optional":true},"id":{"type":"string","description_kind":"plain","optional":true,"computed":true},"name":{"type":"string","description_kind":"plain","required":true}},"block_types":{"parameter":{"nesting_mode":"list","block":{"attributes":{"id":{"type":"string","description_kind":"plain","computed":true},"key":{"type":"string","description_kind":"plain","required":true},"type":{"type":"string","description_kind":"plain","required":true},"value":{"type":"string","description_kind":"plain","required":true}},"description_kind":"plain"},"max_items":1}},"description_kind":"plain"}},"jenkinsci_view":{"version":0,"block":{"attributes":{"assigned_projects":{"type":["list","string"],"description_kind":"plain","optional":true},"id":{"type":"string","description_kind":"plain","optional":true,"computed":true},"name":{"type":"string","description_kind":"plain","required":true}},"description_kind":"plain"}}}}}}
