{"format_version":"0.2","provider_schemas":{"registry.terraform.io/dariusbakunas/truenas":{"provider":{"version":0,"block":{"attributes":{"api_key":{"type":"string","description":"TrueNAS API key","description_kind":"plain","required":true,"sensitive":true},"base_url":{"type":"string","description":"TrueNAS API base URL, eg. https://your.nas/api/v2.0","description_kind":"plain","required":true},"debug":{"type":"bool","description":"DEBUG: dump all API requests/responses","description_kind":"plain","optional":true}},"description_kind":"plain"}},"resource_schemas":{"truenas_cronjob":{"version":0,"block":{"attributes":{"command":{"type":"string","description":"Command or script that runs on schedule","description_kind":"plain","required":true},"cronjob_id":{"type":"string","description":"Cronjob ID","description_kind":"plain","computed":true},"description":{"type":"string","description":"Optional cronjob description","description_kind":"plain","optional":true},"enabled":{"type":"bool","description":"`true` if cronjob is enabled","description_kind":"plain","optional":true},"hide_stderr":{"type":"bool","description":"if `false` any error output is mailed to the user account used to run the command","description_kind":"plain","optional":true},"hide_stdout":{"type":"bool","description":"if `false` any standard output is mailed to the user account used to run the command","description_kind":"plain","optional":true},"id":{"type":"string","description_kind":"plain","optional":true,"computed":true},"user":{"type":"string","description":"Account that is used to run the job","description_kind":"plain","required":true}},"block_types":{"schedule":{"nesting_mode":"list","block":{"attributes":{"dom":{"type":"string","description_kind":"plain","optional":true},"dow":{"type":"string","description_kind":"plain","optional":true},"hour":{"type":"string","description_kind":"plain","optional":true},"minute":{"type":"string","description_kind":"plain","optional":true},"month":{"type":"string","description_kind":"plain","optional":true}},"description":"Cronjob schedule","description_kind":"plain"},"min_items":1,"max_items":1}},"description":"TrueNAS allows users to run specific commands or scripts on a regular schedule using cron(8). This can be helpful for running repetitive tasks.","description_kind":"plain"}},"truenas_dataset":{"version":0,"block":{"attributes":{"acl_mode":{"type":"string","description":"Determine how chmod behaves when adjusting file ACLs. See the zfs(8) aclmode property.","description_kind":"plain","optional":true,"computed":true},"acl_type":{"type":"string","description_kind":"plain","computed":true},"atime":{"type":"string","description":"Choose 'on' to update the access time for files when they are read. Choose 'off' to prevent producing log traffic when reading files","description_kind":"plain","optional":true,"computed":true},"case_sensitivity":{"type":"string","description_kind":"plain","optional":true,"computed":true},"comments":{"type":"string","description":"Notes about the dataset.","description_kind":"plain","optional":true},"compression":{"type":"string","description_kind":"plain","optional":true,"computed":true},"copies":{"type":"number","description_kind":"plain","optional":true,"computed":true},"dataset_id":{"type":"string","description_kind":"plain","computed":true},"deduplication":{"type":"string","description_kind":"plain","optional":true,"computed":true},"encrypted":{"type":"bool","description_kind":"plain","optional":true,"computed":true},"encryption_algorithm":{"type":"string","description_kind":"plain","optional":true,"computed":true},"encryption_key":{"type":"string","description_kind":"plain","optional":true,"computed":true,"sensitive":true},"exec":{"type":"string","description_kind":"plain","optional":true,"computed":true},"generate_key":{"type":"bool","description_kind":"plain","optional":true,"computed":true},"id":{"type":"string","description_kind":"plain","optional":true,"computed":true},"inherit_encryption":{"type":"bool","description_kind":"plain","optional":true},"managed_by":{"type":"string","description_kind":"plain","computed":true},"mount_point":{"type":"string","description_kind":"plain","computed":true},"name":{"type":"string","description":"Unique identifier for the dataset. Cannot be changed after the dataset is created.","description_kind":"plain","required":true},"parent":{"type":"string","description_kind":"plain","optional":true},"passphrase":{"type":"string","description_kind":"plain","optional":true,"sensitive":true},"pbkdf2iters":{"type":"number","description_kind":"plain","optional":true,"computed":true},"pool":{"type":"string","description_kind":"plain","required":true},"quota_bytes":{"type":"number","description_kind":"plain","optional":true,"computed":true},"quota_critical":{"type":"number","description_kind":"plain","optional":true,"computed":true},"quota_warning":{"type":"number","description_kind":"plain","optional":true,"computed":true},"readonly":{"type":"string","description_kind":"plain","optional":true,"computed":true},"record_size":{"type":"string","description_kind":"plain","optional":true,"computed":true},"ref_quota_bytes":{"type":"number","description_kind":"plain","optional":true,"computed":true},"ref_quota_critical":{"type":"number","description_kind":"plain","optional":true,"computed":true},"ref_quota_warning":{"type":"number","description_kind":"plain","optional":true,"computed":true},"share_type":{"type":"string","description_kind":"plain","optional":true,"computed":true},"snap_dir":{"type":"string","description_kind":"plain","optional":true,"computed":true},"sync":{"type":"string","description":"Sets the data write synchronization. `inherit` takes the sync settings from the parent dataset, `standard` uses the settings that have been requested by the client software, `always` waits for data writes to complete, and `disabled` never waits for writes to complete.","description_kind":"plain","optional":true,"computed":true}},"block_types":{"timeouts":{"nesting_mode":"single","block":{"attributes":{"create":{"type":"string","description_kind":"plain","optional":true},"delete":{"type":"string","description_kind":"plain","optional":true},"update":{"type":"string","description_kind":"plain","optional":true}},"description_kind":"plain"}}},"description":"A TrueNAS dataset is a file system that is created within a data storage pool. Datasets can contain files, directories (child datasets), and have individual permissions or flags","description_kind":"plain"}},"truenas_zvol":{"version":0,"block":{"attributes":{"blocksize":{"type":"string","description":"Volume blocksize","description_kind":"plain","optional":true},"comments":{"type":"string","description":"Any notes about this volume.","description_kind":"plain","optional":true},"compression":{"type":"string","description":"Compression level","description_kind":"plain","required":true},"copies":{"type":"number","description_kind":"plain","computed":true},"deduplication":{"type":"string","description":"Transparently reuse a single copy of duplicated data to save space. Deduplication can improve storage capacity, but is RAM intensive. Compressing data is generally recommended before using deduplication. Deduplicating data is a one-way process. *Deduplicated data cannot be undeduplicated!*.","description_kind":"plain","optional":true},"encrypted":{"type":"bool","description_kind":"plain","computed":true},"encryption_algorithm":{"type":"string","description_kind":"plain","optional":true,"computed":true},"encryption_root":{"type":"string","description_kind":"plain","computed":true},"force_size":{"type":"bool","description":"The system restricts creating a zvol that brings the pool to over 80% capacity. Set to force creation of the zvol (not recommended)","description_kind":"plain","optional":true},"id":{"type":"string","description_kind":"plain","optional":true,"computed":true},"inherit_encryption":{"type":"bool","description":"Use the encryption properties of the root dataset.","description_kind":"plain","optional":true},"key_format":{"type":"string","description_kind":"plain","computed":true},"key_loaded":{"type":"bool","description_kind":"plain","computed":true},"locked":{"type":"bool","description_kind":"plain","computed":true},"name":{"type":"string","description":"Unique identifier for the volume. Cannot be changed after the zvol is created.","description_kind":"plain","required":true},"parent":{"type":"string","description":"Parent dataset","description_kind":"plain","optional":true},"pbkdf2iters":{"type":"number","description_kind":"plain","computed":true},"pool":{"type":"string","description_kind":"plain","required":true},"readonly":{"type":"string","description":"Set to prevent the zvol from being modified","description_kind":"plain","optional":true,"computed":true},"ref_reservation":{"type":"number","description_kind":"plain","computed":true},"reservation":{"type":"number","description_kind":"plain","computed":true},"sync":{"type":"string","description":"Sets the data write synchronization. `inherit` takes the sync settings from the parent dataset, `standard` uses the settings that have been requested by the client software, `always` waits for data writes to complete, and `disabled` never waits for writes to complete.","description_kind":"plain","optional":true},"volsize":{"type":"number","description":"Volume size in bytes, should be multiples of block size","description_kind":"plain","required":true},"zvol_id":{"type":"string","description_kind":"plain","computed":true}},"description":"Manage ZFS Volume (zvol), use of TF `prevent_destroy` (https://www.terraform.io/docs/language/meta-arguments/lifecycle.html#prevent_destroy) flag is recommended to avoid accidental deletion","description_kind":"plain"}}},"data_source_schemas":{"truenas_cronjob":{"version":0,"block":{"attributes":{"command":{"type":"string","description":"Command or script that runs on schedule","description_kind":"plain","computed":true},"cronjob_id":{"type":"string","description":"Cronjob ID","description_kind":"plain","required":true},"description":{"type":"string","description":"Optional cronjob description","description_kind":"plain","computed":true},"enabled":{"type":"bool","description":"`true` if cronjob is enabled","description_kind":"plain","computed":true},"hide_stderr":{"type":"bool","description":"if `false` any error output is mailed to the user account used to run the command","description_kind":"plain","computed":true},"hide_stdout":{"type":"bool","description":"if `false` any standard output is mailed to the user account used to run the command","description_kind":"plain","computed":true},"id":{"type":"string","description_kind":"plain","optional":true,"computed":true},"schedule":{"type":["list",["object",{"dom":"string","dow":"string","hour":"string","minute":"string","month":"string"}]],"description":"Cronjob schedule","description_kind":"plain","computed":true},"user":{"type":"string","description":"Account that is used to run the job","description_kind":"plain","computed":true}},"description":"Get information about specific cronjob","description_kind":"plain"}},"truenas_dataset":{"version":0,"block":{"attributes":{"acl_mode":{"type":"string","description":"Determine how chmod behaves when adjusting file ACLs. See the zfs(8) aclmode property.","description_kind":"plain","computed":true},"acl_type":{"type":"string","description_kind":"plain","computed":true},"atime":{"type":"string","description":"When set to 'on' access time for files when they are read is updated. Set to 'off' to prevent producing log traffic when reading files","description_kind":"plain","computed":true},"case_sensitivity":{"type":"string","description":"`sensitive` assumes filenames are case sensitive. `insensitive` assumes filenames are not case sensitive. `mixed` understands both types of filenames.","description_kind":"plain","computed":true},"comments":{"type":"string","description":"Any notes about this dataset.","description_kind":"plain","computed":true},"compression":{"type":"string","description":"Current dataset compression level","description_kind":"plain","computed":true},"copies":{"type":"number","description_kind":"plain","computed":true},"dataset_id":{"type":"string","description_kind":"plain","required":true},"deduplication":{"type":"string","description":"Deduplication can improve storage capacity, but is RAM intensive","description_kind":"plain","computed":true},"encrypted":{"type":"bool","description_kind":"plain","computed":true},"encryption_algorithm":{"type":"string","description_kind":"plain","computed":true},"encryption_root":{"type":"string","description_kind":"plain","computed":true},"exec":{"type":"string","description":"`on` if processes can be executed from within this dataset.","description_kind":"plain","computed":true},"id":{"type":"string","description_kind":"plain","optional":true,"computed":true},"inherit_encryption":{"type":"bool","description_kind":"plain","computed":true},"key_format":{"type":"string","description_kind":"plain","computed":true},"key_loaded":{"type":"bool","description_kind":"plain","computed":true},"locked":{"type":"bool","description_kind":"plain","computed":true},"managed_by":{"type":"string","description_kind":"plain","computed":true},"mount_point":{"type":"string","description_kind":"plain","computed":true},"name":{"type":"string","description_kind":"plain","computed":true},"origin":{"type":"string","description_kind":"plain","computed":true},"parent":{"type":"string","description_kind":"plain","computed":true},"pbkdf2iters":{"type":"number","description_kind":"plain","computed":true},"pool":{"type":"string","description_kind":"plain","computed":true},"quota_bytes":{"type":"number","description_kind":"plain","computed":true},"quota_critical":{"type":"number","description_kind":"plain","computed":true},"quota_warning":{"type":"number","description_kind":"plain","computed":true},"readonly":{"type":"string","description_kind":"plain","computed":true},"record_size":{"type":"string","description":"Matching the fixed size of data, as in a database, may result in better performance","description_kind":"plain","computed":true},"record_size_bytes":{"type":"number","description":"Matching the fixed size of data, as in a database, may result in better performance","description_kind":"plain","computed":true},"ref_quota_bytes":{"type":"number","description_kind":"plain","computed":true},"ref_quota_critical":{"type":"number","description_kind":"plain","computed":true},"ref_quota_warning":{"type":"number","description_kind":"plain","computed":true},"ref_reservation":{"type":"number","description_kind":"plain","computed":true},"reservation":{"type":"number","description_kind":"plain","computed":true},"snap_dir":{"type":"string","description":".zfs snapshot directory visibility.","description_kind":"plain","computed":true},"sync":{"type":"string","description":"`standard` uses the sync settings that have been requested by the client software, `always` waits for data writes to complete, and `disabled` never waits for writes to complete.","description_kind":"plain","computed":true},"xattr":{"type":"string","description_kind":"plain","computed":true}},"description_kind":"plain"}},"truenas_network_configuration":{"version":0,"block":{"attributes":{"domain":{"type":"string","description":"TrueNAS domain","description_kind":"plain","computed":true},"hostname":{"type":"string","description":"TrueNAS hostname","description_kind":"plain","computed":true},"httpproxy":{"type":"string","description":"HTTP proxy address","description_kind":"plain","computed":true},"id":{"type":"string","description_kind":"plain","optional":true,"computed":true},"ipv4gateway":{"type":"string","description":"Gateway IPv4 address","description_kind":"plain","computed":true},"ipv6gateway":{"type":"string","description":"Gateway IPv6 address","description_kind":"plain","computed":true},"nameserver1":{"type":"string","description":"Nameserver 1 IPv4 address","description_kind":"plain","computed":true},"nameserver2":{"type":"string","description":"Nameserver 2 IPv4 address","description_kind":"plain","computed":true},"nameserver3":{"type":"string","description":"Nameserver 3 IPv4 address","description_kind":"plain","computed":true},"netwait_enabled":{"type":"bool","description":"`true` if netwait feature is enabled","description_kind":"plain","computed":true},"netwait_ips":{"type":["list","string"],"description":"List of IP addresses to ping if netwait is enabled","description_kind":"plain","computed":true},"service_announcement":{"type":["set",["object",{"mdns":"bool","netbios":"bool","wsd":"bool"}]],"description_kind":"plain","computed":true}},"description":"Get network configuration","description_kind":"plain"}},"truenas_pool_ids":{"version":0,"block":{"attributes":{"id":{"type":"string","description_kind":"plain","optional":true,"computed":true},"ids":{"type":["set","number"],"description_kind":"plain","computed":true}},"description_kind":"plain"}},"truenas_service":{"version":0,"block":{"attributes":{"enabled":{"type":"bool","description":"`true` if service is enabled","description_kind":"plain","computed":true},"id":{"type":"string","description_kind":"plain","optional":true,"computed":true},"name":{"type":"string","description":"Service name","description_kind":"plain","computed":true},"pids":{"type":["list","number"],"description":"List of pids that belong to service","description_kind":"plain","computed":true},"service_id":{"type":"number","description":"Service ID","description_kind":"plain","required":true},"state":{"type":"string","description":"Current state: `stopped`, `running`","description_kind":"plain","computed":true}},"description":"Get information about system service","description_kind":"plain"}},"truenas_vm":{"version":0,"block":{"attributes":{"autostart":{"type":"bool","description":"`true` if VM is set to autostart","description_kind":"plain","computed":true},"bootloader":{"type":"string","description":"VM bootloader","description_kind":"plain","computed":true},"cores":{"type":"number","description":"Number of CPU cores","description_kind":"plain","computed":true},"description":{"type":"string","description":"VM description","description_kind":"plain","computed":true},"device":{"type":["set",["object",{"attributes":["map","string"],"id":"string","order":"number","type":"string"}]],"description_kind":"plain","computed":true},"id":{"type":"string","description_kind":"plain","optional":true,"computed":true},"memory":{"type":"number","description":"Total memory available for VM (bytes)","description_kind":"plain","computed":true},"name":{"type":"string","description":"VM name","description_kind":"plain","computed":true},"shutdown_timeout":{"type":"number","description":"Shutdown timeout in seconds","description_kind":"plain","computed":true},"status":{"type":["set",["object",{"domain_state":"string","pid":"number","state":"string"}]],"description_kind":"plain","computed":true},"threads":{"type":"number","description":"Number of CPU threads","description_kind":"plain","computed":true},"vcpus":{"type":"number","description":"Number of virtual CPUs","description_kind":"plain","computed":true},"vm_id":{"type":"string","description":"VM ID","description_kind":"plain","required":true}},"description_kind":"plain"}},"truenas_zvol":{"version":0,"block":{"attributes":{"blocksize":{"type":"string","description":"Volume blocksize","description_kind":"plain","computed":true},"comments":{"type":"string","description":"Any notes about this volume.","description_kind":"plain","computed":true},"compression":{"type":"string","description":"Current zvol compression level","description_kind":"plain","computed":true},"copies":{"type":"number","description_kind":"plain","computed":true},"deduplication":{"type":"string","description":"Deduplication can improve storage capacity, but is RAM intensive","description_kind":"plain","computed":true},"encrypted":{"type":"bool","description_kind":"plain","computed":true},"encryption_algorithm":{"type":"string","description_kind":"plain","computed":true},"encryption_root":{"type":"string","description_kind":"plain","computed":true},"id":{"type":"string","description_kind":"plain","optional":true,"computed":true},"key_format":{"type":"string","description_kind":"plain","computed":true},"key_loaded":{"type":"bool","description_kind":"plain","computed":true},"locked":{"type":"bool","description_kind":"plain","computed":true},"name":{"type":"string","description_kind":"plain","computed":true},"parent":{"type":"string","description_kind":"plain","computed":true},"pbkdf2iters":{"type":"number","description_kind":"plain","computed":true},"pool":{"type":"string","description_kind":"plain","computed":true},"readonly":{"type":"string","description_kind":"plain","computed":true},"ref_reservation":{"type":"number","description_kind":"plain","computed":true},"reservation":{"type":"number","description_kind":"plain","computed":true},"sync":{"type":"string","description":"Sets the data write synchronization. `inherit` takes the sync settings from the parent dataset, `standard` uses the settings that have been requested by the client software, `always` waits for data writes to complete, and `disabled` never waits for writes to complete.","description_kind":"plain","computed":true},"volsize":{"type":"number","description_kind":"plain","computed":true},"zvol_id":{"type":"string","description_kind":"plain","required":true}},"description_kind":"plain"}}}}}}
