{"format_version":"0.2","provider_schemas":{"registry.terraform.io/dariusbakunas/opentoolchain":{"provider":{"version":0,"block":{"attributes":{"base_url":{"type":"string","description":"Open Toolchain API base URL (for example 'https://cloud.ibm.com')","description_kind":"plain","optional":true},"iam_access_token":{"type":"string","description":"The IBM Cloud Identity and Access Management token used to access Open Toolchain APIs","description_kind":"plain","optional":true,"sensitive":true},"iam_api_key":{"type":"string","description":"The IBM Cloud IAM api key used to retrieve IAM access token if `iam_access_token` is not specified","description_kind":"plain","optional":true,"sensitive":true},"iam_base_url":{"type":"string","description":"IBM IAM base URL","description_kind":"plain","optional":true},"tags_base_url":{"type":"string","description":"Global Tagging service base URL","description_kind":"plain","optional":true}},"description_kind":"plain"}},"resource_schemas":{"opentoolchain_pipeline_properties":{"version":0,"block":{"attributes":{"deleted_keys":{"type":["list","string"],"description":"Any properties listed here will be deleted","description_kind":"plain","optional":true},"encrypted_secrets":{"type":["map","string"],"description":"Opentoolchain API does not return actual secret values, this is used internally to track changes to encrypted strings","description_kind":"plain","computed":true,"sensitive":true},"env_id":{"type":"string","description":"Environment ID, example: `ibm:yp:us-south`","description_kind":"plain","required":true},"guid":{"type":"string","description":"The tekton pipeline `guid`","description_kind":"plain","required":true},"id":{"type":"string","description_kind":"plain","optional":true,"computed":true},"name":{"type":"string","description":"Pipeline name","description_kind":"plain","computed":true},"new_keys":{"type":["list","string"],"description":"Properties that were not part of original list (used internally)","description_kind":"plain","computed":true},"original_properties":{"type":["list",["object",{"name":"string","type":"string","value":"string"}]],"description":"Used internally to restore pipeline to it's original state once resource is deleted","description_kind":"plain","computed":true,"sensitive":true},"secret_env":{"type":["map","string"],"description":"Pipeline environment secret properties that need to be updated, use `{vault::vault_integration_name.VAULT_KEY}` format with vault integration.","description_kind":"plain","optional":true},"text_env":{"type":["map","string"],"description":"Pipeline environment text properties that need to be updated","description_kind":"plain","optional":true},"toolchain_crn":{"type":"string","description":"The toolchain `crn`","description_kind":"plain","computed":true},"toolchain_guid":{"type":"string","description":"The toolchain `guid`","description_kind":"plain","computed":true}},"description":"Update *existing* tekton pipeline properties. If property exists, it will be updated in place, otherwise new one will be added. When this resource is destroyed, original pipeline properties are restored. (WARN: using unpublished APIs)","description_kind":"plain","deprecated":true}},"opentoolchain_pipeline_triggers":{"version":0,"block":{"attributes":{"env_id":{"type":"string","description":"Environment ID, example: `ibm:yp:us-south`","description_kind":"plain","required":true},"guid":{"type":"string","description":"The tekton pipeline `guid`","description_kind":"plain","required":true},"id":{"type":"string","description_kind":"plain","optional":true,"computed":true}},"block_types":{"trigger":{"nesting_mode":"set","block":{"attributes":{"enabled":{"type":"bool","description":"Enable/disable the trigger","description_kind":"plain","required":true},"github_integration_guid":{"type":"string","description":"Github integration ID","description_kind":"plain","computed":true},"id":{"type":"string","description":"Trigger ID","description_kind":"plain","computed":true},"name":{"type":"string","description":"Trigger name, this is used for matching existing trigger","description_kind":"plain","required":true},"type":{"type":"string","description":"Trigger type","description_kind":"plain","computed":true}},"description_kind":"plain"}}},"description":"Update *existing* tekton pipeline triggers. If trigger exists, it will be updated in place, otherwise trigger will be ignored (adding new triggers is not supported). (WARN: using unpublished APIs)","description_kind":"plain","deprecated":true}},"opentoolchain_tekton_pipeline_overrides":{"version":0,"block":{"attributes":{"deleted_keys":{"type":["list","string"],"description":"Any properties listed here will be deleted","description_kind":"plain","optional":true},"encrypted_secrets":{"type":["map","string"],"description":"Opentoolchain API does not return actual secret values, this is used internally to track changes to encrypted strings","description_kind":"plain","computed":true,"sensitive":true},"env_id":{"type":"string","description":"Environment ID, example: `ibm:yp:us-south`","description_kind":"plain","required":true},"guid":{"type":"string","description":"The tekton pipeline `guid`","description_kind":"plain","required":true},"id":{"type":"string","description_kind":"plain","optional":true,"computed":true},"name":{"type":"string","description":"Pipeline name","description_kind":"plain","computed":true},"new_keys":{"type":["list","string"],"description":"Properties that were not part of original list (used internally)","description_kind":"plain","computed":true},"original_properties":{"type":["list",["object",{"name":"string","type":"string","value":"string"}]],"description":"Used internally to restore pipeline to it's original state once resource is deleted","description_kind":"plain","computed":true,"sensitive":true},"secret_env":{"type":["map","string"],"description":"Pipeline environment secret properties that need to be updated, use `{vault::vault_integration_name.VAULT_KEY}` format with vault integration.","description_kind":"plain","optional":true},"text_env":{"type":["map","string"],"description":"Pipeline environment text properties that need to be updated","description_kind":"plain","optional":true},"toolchain_crn":{"type":"string","description":"The toolchain `crn`","description_kind":"plain","computed":true},"toolchain_guid":{"type":"string","description":"The toolchain `guid`","description_kind":"plain","computed":true}},"block_types":{"trigger":{"nesting_mode":"set","block":{"attributes":{"enabled":{"type":"bool","description":"Enable/disable the trigger","description_kind":"plain","required":true},"github_integration_guid":{"type":"string","description":"Github integration ID","description_kind":"plain","computed":true},"id":{"type":"string","description":"Trigger ID","description_kind":"plain","computed":true},"name":{"type":"string","description":"Trigger name, this is used for matching existing trigger","description_kind":"plain","required":true},"type":{"type":"string","description":"Trigger type","description_kind":"plain","computed":true}},"description_kind":"plain"}}},"description":"Update *existing* tekton pipeline properties and triggers. If property exists, it will be updated in place, otherwise new one will be added. If trigger exists - it will be updated in place, otherwise it will be IGNORED (adding new triggers is not supported). When this resource is destroyed, original pipeline properties are restored. (WARN: using unpublished APIs)","description_kind":"plain"}},"opentoolchain_toolchain":{"version":0,"block":{"attributes":{"crn":{"type":"string","description_kind":"plain","computed":true},"description":{"type":"string","description":"Toolchain description","description_kind":"plain","computed":true},"env_id":{"type":"string","description":"Environment ID, example: `ibm:yp:us-south`","description_kind":"plain","required":true},"guid":{"type":"string","description":"The toolchain `guid`","description_kind":"plain","computed":true},"id":{"type":"string","description_kind":"plain","optional":true,"computed":true},"key":{"type":"string","description":"Toolchain key","description_kind":"plain","computed":true},"name":{"type":"string","description":"Toolchain name","description_kind":"plain","optional":true,"computed":true},"repository_token":{"type":"string","description":"If you are using a private GitHub or GitLab repository to host your template repo you will need to provide a personal access token","description_kind":"plain","optional":true},"resource_group_id":{"type":"string","description":"The GUID of resource group where toolchain will be created.","description_kind":"plain","required":true},"services":{"type":["list",["object",{"broker_id":"string","instance_id":"string","parameters":["map","string"],"service_id":"string"}]],"description_kind":"plain","computed":true},"tags":{"type":["set","string"],"description_kind":"plain","optional":true},"template_branch":{"type":"string","description":"The Git branch name that the template will be read from","description_kind":"plain","optional":true},"template_properties":{"type":["map","string"],"description":"Additional properties that are used by the template","description_kind":"plain","optional":true},"template_repository":{"type":"string","description":"The Git repository that the template will be read from","description_kind":"plain","optional":true},"url":{"type":"string","description":"Toolchain URL","description_kind":"plain","computed":true}},"description_kind":"plain"}}},"data_source_schemas":{"opentoolchain_pipeline_properties":{"version":0,"block":{"attributes":{"env_id":{"type":"string","description":"Environment ID, example: `ibm:yp:us-south`","description_kind":"plain","required":true},"guid":{"type":"string","description":"The tekton pipeline `guid`","description_kind":"plain","required":true},"id":{"type":"string","description_kind":"plain","optional":true,"computed":true},"name":{"type":"string","description":"Pipeline name","description_kind":"plain","computed":true},"secret_env":{"type":["map","string"],"description":"Pipeline environment secret properties","description_kind":"plain","computed":true,"sensitive":true},"text_env":{"type":["map","string"],"description":"Pipeline environment text properties","description_kind":"plain","computed":true},"toolchain_crn":{"type":"string","description":"The toolchain `crn`","description_kind":"plain","computed":true},"toolchain_guid":{"type":"string","description":"The toolchain `guid`","description_kind":"plain","computed":true}},"description":"Get tekton pipeline properties","description_kind":"plain"}},"opentoolchain_pipeline_triggers":{"version":0,"block":{"attributes":{"env_id":{"type":"string","description":"Environment ID, example: `ibm:yp:us-south`","description_kind":"plain","required":true},"guid":{"type":"string","description":"The tekton pipeline `guid`","description_kind":"plain","required":true},"id":{"type":"string","description_kind":"plain","optional":true,"computed":true},"trigger":{"type":["set",["object",{"enabled":"bool","event_listener":"string","events":["list",["object",{"pull_request":"bool","pull_request_closed":"bool","push":"bool"}]],"github_integration_guid":"string","id":"string","name":"string","scm":["list",["object",{"branch":"string","hook_id":"string","type":"string","url":"string"}]],"type":"string"}]],"description_kind":"plain","computed":true}},"description":"Get tekton pipline triggers","description_kind":"plain"}},"opentoolchain_toolchain":{"version":0,"block":{"attributes":{"crn":{"type":"string","description_kind":"plain","computed":true},"description":{"type":"string","description":"Toolchain description","description_kind":"plain","computed":true},"env_id":{"type":"string","description":"Environment ID, example: `ibm:yp:us-south`","description_kind":"plain","required":true},"guid":{"type":"string","description":"The toolchain `guid`","description_kind":"plain","required":true},"id":{"type":"string","description_kind":"plain","optional":true,"computed":true},"key":{"type":"string","description":"Toolchain key","description_kind":"plain","computed":true},"name":{"type":"string","description":"Toolchain name","description_kind":"plain","computed":true},"services":{"type":["list",["object",{"broker_id":"string","instance_id":"string","parameters":["map","string"],"service_id":"string"}]],"description_kind":"plain","computed":true},"tags":{"type":["set","string"],"description_kind":"plain","computed":true},"template_repository":{"type":"string","description":"The Git repository that the template will be read from","description_kind":"plain","computed":true},"url":{"type":"string","description":"Toolchain URL","description_kind":"plain","computed":true}},"description_kind":"plain"}}}}}}
