{"format_version":"0.2","provider_schemas":{"registry.terraform.io/dariusbakunas/appid":{"provider":{"version":0,"block":{"attributes":{"api_max_retry":{"type":"number","description":"Maximum number of retries for AppID api requests, set to 0 to disable","description_kind":"plain","optional":true},"appid_base_url":{"type":"string","description":"AppID API base URL (for example 'https://us-south.appid.cloud.ibm.com')","description_kind":"plain","optional":true},"iam_access_token":{"type":"string","description":"The IBM Cloud Identity and Access Management token used to access AppID APIs","description_kind":"plain","optional":true,"sensitive":true},"iam_api_key":{"type":"string","description":"The IBM Cloud IAM api key used to retrieve IAM access token if `iam_access_token` is not specified","description_kind":"plain","optional":true,"sensitive":true},"iam_base_url":{"type":"string","description":"IBM IAM base URL","description_kind":"plain","optional":true},"region":{"type":"string","description":"The IBM cloud Region (for example 'us-south').","description_kind":"plain","optional":true}},"description_kind":"plain"}},"resource_schemas":{"appid_action_url":{"version":0,"block":{"attributes":{"action":{"type":"string","description":"The type of the action: `on_user_verified` - the URL of your custom user verified page, `on_reset_password` - the URL of your custom reset password page","description_kind":"plain","required":true},"id":{"type":"string","description_kind":"plain","optional":true,"computed":true},"tenant_id":{"type":"string","description":"The service `tenantId`","description_kind":"plain","required":true},"url":{"type":"string","description":"The action URL","description_kind":"plain","required":true}},"description":"The custom url to redirect to when Cloud Directory action is executed.","description_kind":"plain"}},"appid_apm":{"version":0,"block":{"attributes":{"enabled":{"type":"bool","description":"`true` if APM is enabled","description_kind":"plain","required":true},"id":{"type":"string","description_kind":"plain","optional":true,"computed":true},"prevent_password_with_username":{"type":"bool","description_kind":"plain","optional":true},"tenant_id":{"type":"string","description":"The service `tenantId`","description_kind":"plain","required":true}},"block_types":{"lockout_policy":{"nesting_mode":"list","block":{"attributes":{"enabled":{"type":"bool","description_kind":"plain","required":true},"lockout_time_sec":{"type":"number","description_kind":"plain","optional":true},"num_of_attempts":{"type":"number","description_kind":"plain","optional":true}},"description_kind":"plain"},"min_items":1,"max_items":1},"min_password_change_interval":{"nesting_mode":"list","block":{"attributes":{"enabled":{"type":"bool","description_kind":"plain","required":true},"min_hours_to_change_password":{"type":"number","description_kind":"plain","optional":true}},"description_kind":"plain"},"min_items":1,"max_items":1},"password_expiration":{"nesting_mode":"list","block":{"attributes":{"days_to_expire":{"type":"number","description_kind":"plain","optional":true},"enabled":{"type":"bool","description_kind":"plain","required":true}},"description_kind":"plain"},"min_items":1,"max_items":1},"password_reuse":{"nesting_mode":"list","block":{"attributes":{"enabled":{"type":"bool","description_kind":"plain","required":true},"max_password_reuse":{"type":"number","description_kind":"plain","optional":true}},"description_kind":"plain"},"min_items":1,"max_items":1}},"description":"AppID advanced password management configuration","description_kind":"plain"}},"appid_application":{"version":0,"block":{"attributes":{"client_id":{"type":"string","description":"The `client_id` is a public identifier for applications","description_kind":"plain","computed":true},"discovery_endpoint":{"type":"string","description":"This URL returns OAuth Authorization Server Metadata","description_kind":"plain","computed":true},"id":{"type":"string","description_kind":"plain","optional":true,"computed":true},"name":{"type":"string","description":"The application name to be registered. Application name cannot exceed 50 characters.","description_kind":"plain","required":true},"oauth_server_url":{"type":"string","description":"Base URL for common OAuth endpoints, like `/authorization`, `/token` and `/publickeys`","description_kind":"plain","computed":true},"profiles_url":{"type":"string","description_kind":"plain","computed":true},"roles":{"type":["list","string"],"description":"Role IDS for roles that you want to be assigned to application (this is different from role access)","description_kind":"plain","optional":true},"scopes":{"type":["list","string"],"description":"A `scope` is a runtime action in your application that you register with IBM Cloud App ID to create an access permission","description_kind":"plain","optional":true},"secret":{"type":"string","description":"The `secret` is a secret known only to the application and the authorization server","description_kind":"plain","computed":true,"sensitive":true},"tenant_id":{"type":"string","description":"The service `tenantId`","description_kind":"plain","required":true},"type":{"type":"string","description":"The type of application to be registered. Allowed types are `regularwebapp` and `singlepageapp`, default is `regularwebapp`.","description_kind":"plain","optional":true}},"description_kind":"plain"}},"appid_audit_status":{"version":0,"block":{"attributes":{"id":{"type":"string","description_kind":"plain","optional":true,"computed":true},"is_active":{"type":"bool","description":"The auditing status of the tenant.","description_kind":"plain","required":true},"tenant_id":{"type":"string","description":"The service `tenantId`","description_kind":"plain","required":true}},"description_kind":"plain"}},"appid_cloud_directory_template":{"version":0,"block":{"attributes":{"base64_encoded_html_body":{"type":"string","description":"The HTML body of the email encoded in Base64","description_kind":"plain","computed":true},"html_body":{"type":"string","description":"The HTML body of the email","description_kind":"plain","optional":true},"id":{"type":"string","description_kind":"plain","optional":true,"computed":true},"language":{"type":"string","description":"Preferred language for resource. Format as described at RFC5646. According to the configured languages codes returned from the `GET /management/v4/{tenantId}/config/ui/languages API`.","description_kind":"plain","optional":true},"plain_text_body":{"type":"string","description":"The text body of the email.","description_kind":"plain","optional":true},"subject":{"type":"string","description":"The subject of the email","description_kind":"plain","required":true},"template_name":{"type":"string","description":"The type of email template. This can be `USER_VERIFICATION`, `WELCOME`, `PASSWORD_CHANGED`, `RESET_PASSWORD` or `MFA_VERIFICATION`","description_kind":"plain","required":true},"tenant_id":{"type":"string","description":"The service `tenantId`","description_kind":"plain","required":true}},"description_kind":"plain"}},"appid_idp_cloud_directory":{"version":0,"block":{"attributes":{"id":{"type":"string","description_kind":"plain","optional":true,"computed":true},"identity_confirm_access_mode":{"type":"string","description_kind":"plain","optional":true},"identity_confirm_methods":{"type":["list","string"],"description_kind":"plain","optional":true},"identity_field":{"type":"string","description_kind":"plain","optional":true},"is_active":{"type":"bool","description_kind":"plain","required":true},"reset_password_enabled":{"type":"bool","description_kind":"plain","optional":true},"reset_password_notification_enabled":{"type":"bool","description_kind":"plain","optional":true},"self_service_enabled":{"type":"bool","description_kind":"plain","optional":true},"signup_enabled":{"type":"bool","description_kind":"plain","optional":true},"tenant_id":{"type":"string","description_kind":"plain","required":true},"welcome_enabled":{"type":"bool","description_kind":"plain","optional":true}},"description_kind":"plain"}},"appid_idp_custom":{"version":0,"block":{"attributes":{"id":{"type":"string","description_kind":"plain","optional":true,"computed":true},"is_active":{"type":"bool","description_kind":"plain","required":true},"public_key":{"type":"string","description":"This is the public key used to validate your signed JWT. It is required to be a PEM in the RS256 or greater format.","description_kind":"plain","optional":true},"tenant_id":{"type":"string","description":"The service `tenantId`","description_kind":"plain","required":true}},"description_kind":"plain"}},"appid_idp_facebook":{"version":0,"block":{"attributes":{"id":{"type":"string","description_kind":"plain","optional":true,"computed":true},"is_active":{"type":"bool","description_kind":"plain","required":true},"redirect_url":{"type":"string","description":"Paste the URI into the Valid OAuth redirect URIs field in the Facebook Login section of the Facebook Developers Portal","description_kind":"plain","computed":true},"tenant_id":{"type":"string","description":"The service `tenantId`","description_kind":"plain","required":true}},"block_types":{"config":{"nesting_mode":"list","block":{"attributes":{"application_id":{"type":"string","description":"Facebook application id","description_kind":"plain","required":true},"application_secret":{"type":"string","description":"Facebook application secret","description_kind":"plain","required":true,"sensitive":true}},"description_kind":"plain"},"max_items":1}},"description":"Update Facebook identity provider configuration.","description_kind":"plain"}},"appid_idp_google":{"version":0,"block":{"attributes":{"id":{"type":"string","description_kind":"plain","optional":true,"computed":true},"is_active":{"type":"bool","description_kind":"plain","required":true},"redirect_url":{"type":"string","description":"Paste the URI into the into the Authorized redirect URIs field in the Google Developer Console","description_kind":"plain","computed":true},"tenant_id":{"type":"string","description":"The service `tenantId`","description_kind":"plain","required":true}},"block_types":{"config":{"nesting_mode":"list","block":{"attributes":{"application_id":{"type":"string","description":"Google application id","description_kind":"plain","required":true},"application_secret":{"type":"string","description":"Google application secret","description_kind":"plain","required":true,"sensitive":true}},"description_kind":"plain"},"max_items":1}},"description":"Update Google identity provider configuration.","description_kind":"plain"}},"appid_idp_saml":{"version":0,"block":{"attributes":{"id":{"type":"string","description_kind":"plain","optional":true,"computed":true},"is_active":{"type":"bool","description_kind":"plain","required":true},"tenant_id":{"type":"string","description_kind":"plain","required":true}},"block_types":{"config":{"nesting_mode":"list","block":{"attributes":{"certificates":{"type":["list","string"],"description_kind":"plain","required":true},"display_name":{"type":"string","description_kind":"plain","optional":true},"encrypt_response":{"type":"bool","description_kind":"plain","optional":true},"entity_id":{"type":"string","description_kind":"plain","required":true},"include_scoping":{"type":"bool","description_kind":"plain","optional":true},"sign_in_url":{"type":"string","description_kind":"plain","required":true},"sign_request":{"type":"bool","description_kind":"plain","optional":true}},"block_types":{"authn_context":{"nesting_mode":"list","block":{"attributes":{"class":{"type":["list","string"],"description_kind":"plain","optional":true},"comparison":{"type":"string","description_kind":"plain","optional":true}},"description_kind":"plain"},"max_items":1}},"description_kind":"plain"},"max_items":1}},"description_kind":"plain"}},"appid_languages":{"version":0,"block":{"attributes":{"id":{"type":"string","description_kind":"plain","optional":true,"computed":true},"languages":{"type":["list","string"],"description":"The list of languages that can be used to customize email templates for Cloud Directory","description_kind":"plain","required":true},"tenant_id":{"type":"string","description":"The service `tenantId`","description_kind":"plain","required":true}},"description":"User localization configuration","description_kind":"plain"}},"appid_media":{"version":0,"block":{"attributes":{"id":{"type":"string","description_kind":"plain","optional":true,"computed":true},"logo_url":{"type":"string","description":"AppID Login logo URL","description_kind":"plain","computed":true},"source":{"type":"string","description":"Path to logo image","description_kind":"plain","optional":true},"source_content":{"type":"string","description":"base64 encoded logo image contents","description_kind":"plain","optional":true},"tenant_id":{"type":"string","description":"The service `tenantId`","description_kind":"plain","required":true}},"description":"Custom logo image of the login widget. *Note:* Currently there is no supported way of deleting the image","description_kind":"plain"}},"appid_mfa":{"version":0,"block":{"attributes":{"id":{"type":"string","description_kind":"plain","optional":true,"computed":true},"is_active":{"type":"bool","description":"`true` if MFA is active","description_kind":"plain","required":true},"tenant_id":{"type":"string","description":"The service `tenantId`","description_kind":"plain","required":true}},"description_kind":"plain"}},"appid_password_regex":{"version":0,"block":{"attributes":{"base64_encoded_regex":{"type":"string","description":"The regex expression rule for acceptable password encoded in base64","description_kind":"plain","computed":true},"error_message":{"type":"string","description":"Custom error message","description_kind":"plain","optional":true},"id":{"type":"string","description_kind":"plain","optional":true,"computed":true},"regex":{"type":"string","description":"The escaped regex expression rule for acceptable password","description_kind":"plain","required":true},"tenant_id":{"type":"string","description":"The service `tenantId`","description_kind":"plain","required":true}},"description":"The regular expression used by App ID for password strength validation","description_kind":"plain"}},"appid_redirect_urls":{"version":0,"block":{"attributes":{"id":{"type":"string","description_kind":"plain","optional":true,"computed":true},"tenant_id":{"type":"string","description":"The service `tenantId`","description_kind":"plain","required":true},"urls":{"type":["list","string"],"description":"A list of redirect URLs","description_kind":"plain","required":true}},"description":"Redirect URIs that can be used as callbacks of App ID authentication flow","description_kind":"plain"}},"appid_role":{"version":0,"block":{"attributes":{"description":{"type":"string","description":"Optional role description","description_kind":"plain","optional":true},"id":{"type":"string","description_kind":"plain","optional":true,"computed":true},"name":{"type":"string","description":"Unique role name","description_kind":"plain","required":true},"role_id":{"type":"string","description":"Role ID","description_kind":"plain","computed":true},"tenant_id":{"type":"string","description":"The service `tenantId`","description_kind":"plain","required":true}},"block_types":{"access":{"nesting_mode":"set","block":{"attributes":{"application_id":{"type":"string","description":"Application `client_id`","description_kind":"plain","required":true},"scopes":{"type":["list","string"],"description_kind":"plain","required":true}},"description_kind":"plain"}}},"description":"A role is a collection of `scopes` that allow varying permissions to different types of app users","description_kind":"plain"}},"appid_theme_color":{"version":0,"block":{"attributes":{"header_color":{"type":"string","description_kind":"plain","required":true},"id":{"type":"string","description_kind":"plain","optional":true,"computed":true},"tenant_id":{"type":"string","description":"The service `tenantId`","description_kind":"plain","required":true}},"description":"Colors of the App ID login widget","description_kind":"plain"}},"appid_token_config":{"version":0,"block":{"attributes":{"access_token_expires_in":{"type":"number","description":"The length of time for which access tokens are valid in seconds","description_kind":"plain","optional":true,"computed":true},"anonymous_access_enabled":{"type":"bool","description":"The length of time for which an anonymous token is valid in seconds","description_kind":"plain","optional":true,"computed":true},"anonymous_token_expires_in":{"type":"number","description_kind":"plain","optional":true},"id":{"type":"string","description_kind":"plain","optional":true,"computed":true},"refresh_token_enabled":{"type":"bool","description_kind":"plain","optional":true,"computed":true},"refresh_token_expires_in":{"type":"number","description":"The length of time for which refresh tokens are valid in seconds","description_kind":"plain","optional":true},"tenant_id":{"type":"string","description":"The service `tenantId`","description_kind":"plain","required":true}},"block_types":{"access_token_claim":{"nesting_mode":"set","block":{"attributes":{"destination_claim":{"type":"string","description":"Optional: Defines the custom attribute that can override the current claim in token.","description_kind":"plain","required":true},"source":{"type":"string","description":"Defines the source of the claim. Options include: `saml`, `cloud_directory`, `facebook`, `google`, `appid_custom`, and `attributes`.","description_kind":"plain","required":true},"source_claim":{"type":"string","description":"Defines the claim as provided by the source. It can refer to the identity provider's user information or the user's App ID custom attributes.","description_kind":"plain","optional":true}},"description":"A set of objects that are created when claims that are related to access tokens are mapped","description_kind":"plain"}},"id_token_claim":{"nesting_mode":"set","block":{"attributes":{"destination_claim":{"type":"string","description_kind":"plain","optional":true},"source":{"type":"string","description_kind":"plain","required":true},"source_claim":{"type":"string","description_kind":"plain","optional":true}},"description":"A set of objects that are created when claims that are related to identity tokens are mapped","description_kind":"plain"}}},"description_kind":"plain"}}},"data_source_schemas":{"appid_action_url":{"version":0,"block":{"attributes":{"action":{"type":"string","description":"The type of the action: `on_user_verified` - the URL of your custom user verified page, `on_reset_password` - the URL of your custom reset password page","description_kind":"plain","required":true},"id":{"type":"string","description_kind":"plain","optional":true,"computed":true},"tenant_id":{"type":"string","description":"The service `tenantId`","description_kind":"plain","required":true},"url":{"type":"string","description":"The action URL","description_kind":"plain","computed":true}},"description":"The custom url to redirect to when Cloud Directory action is executed.","description_kind":"plain"}},"appid_apm":{"version":0,"block":{"attributes":{"enabled":{"type":"bool","description":"`true` if APM is enabled","description_kind":"plain","computed":true},"id":{"type":"string","description_kind":"plain","optional":true,"computed":true},"lockout_policy":{"type":["list",["object",{"enabled":"bool","lockout_time_sec":"number","num_of_attempts":"number"}]],"description_kind":"plain","computed":true},"min_password_change_interval":{"type":["list",["object",{"enabled":"bool","min_hours_to_change_password":"number"}]],"description_kind":"plain","computed":true},"password_expiration":{"type":["list",["object",{"days_to_expire":"number","enabled":"bool"}]],"description_kind":"plain","computed":true},"password_reuse":{"type":["list",["object",{"enabled":"bool","max_password_reuse":"number"}]],"description_kind":"plain","computed":true},"prevent_password_with_username":{"type":"bool","description_kind":"plain","computed":true},"tenant_id":{"type":"string","description":"The service `tenantId`","description_kind":"plain","required":true}},"description":"AppID advanced password management configuration","description_kind":"plain"}},"appid_application":{"version":0,"block":{"attributes":{"client_id":{"type":"string","description":"The `client_id` is a public identifier for applications","description_kind":"plain","required":true},"discovery_endpoint":{"type":"string","description":"This URL returns OAuth Authorization Server Metadata","description_kind":"plain","computed":true},"id":{"type":"string","description_kind":"plain","optional":true,"computed":true},"name":{"type":"string","description":"The application name","description_kind":"plain","computed":true},"oauth_server_url":{"type":"string","description":"Base URL for common OAuth endpoints, like `/authorization`, `/token` and `/publickeys`","description_kind":"plain","computed":true},"profiles_url":{"type":"string","description_kind":"plain","computed":true},"roles":{"type":["set",["object",{"id":"string","name":"string"}]],"description":"Defined roles for an application that is registered with an App ID instance","description_kind":"plain","computed":true},"scopes":{"type":["list","string"],"description":"A `scope` is a runtime action in your application that you register with IBM Cloud App ID to create an access permission","description_kind":"plain","computed":true},"secret":{"type":"string","description":"The `secret` is a secret known only to the application and the authorization server","description_kind":"plain","computed":true,"sensitive":true},"tenant_id":{"type":"string","description":"The service `tenantId`","description_kind":"plain","required":true},"type":{"type":"string","description":"The type of application to be registered. Allowed types are `regularwebapp` and `singlepageapp`.","description_kind":"plain","computed":true}},"description_kind":"plain"}},"appid_application_ids":{"version":0,"block":{"attributes":{"client_ids":{"type":["list","string"],"description":"A List of application client IDs for current applications in AppID instance","description_kind":"plain","computed":true},"id":{"type":"string","description_kind":"plain","optional":true,"computed":true},"tenant_id":{"type":"string","description":"The service `tenantId`","description_kind":"plain","required":true}},"description_kind":"plain","deprecated":true}},"appid_applications":{"version":0,"block":{"attributes":{"applications":{"type":["list",["object",{"client_id":"string","discovery_endpoint":"string","name":"string","oauth_server_url":"string","profiles_url":"string","scopes":["list","string"],"secret":"string","type":"string"}]],"description_kind":"plain","computed":true},"id":{"type":"string","description_kind":"plain","optional":true,"computed":true},"tenant_id":{"type":"string","description":"The service `tenantId`","description_kind":"plain","required":true}},"description_kind":"plain"}},"appid_audit_status":{"version":0,"block":{"attributes":{"id":{"type":"string","description_kind":"plain","optional":true,"computed":true},"is_active":{"type":"bool","description":"The auditing status of the tenant.","description_kind":"plain","computed":true},"tenant_id":{"type":"string","description":"The service `tenantId`","description_kind":"plain","required":true}},"description":"Tenant audit status","description_kind":"plain"}},"appid_cloud_directory_template":{"version":0,"block":{"attributes":{"base64_encoded_html_body":{"type":"string","description":"The HTML body of the email encoded in Base64","description_kind":"plain","computed":true},"html_body":{"type":"string","description":"The HTML body of the email","description_kind":"plain","computed":true},"id":{"type":"string","description_kind":"plain","optional":true,"computed":true},"language":{"type":"string","description":"Preferred language for resource. Format as described at RFC5646. According to the configured languages codes returned from the `GET /management/v4/{tenantId}/config/ui/languages API`.","description_kind":"plain","optional":true},"plain_text_body":{"type":"string","description":"The text body of the email.","description_kind":"plain","computed":true},"subject":{"type":"string","description":"The subject of the email","description_kind":"plain","computed":true},"template_name":{"type":"string","description":"The type of email template. This can be `USER_VERIFICATION`, `WELCOME`, `PASSWORD_CHANGED`, `RESET_PASSWORD` or `MFA_VERIFICATION`","description_kind":"plain","required":true},"tenant_id":{"type":"string","description":"The service `tenantId`","description_kind":"plain","required":true}},"description_kind":"plain"}},"appid_idp_cloud_directory":{"version":0,"block":{"attributes":{"id":{"type":"string","description_kind":"plain","optional":true,"computed":true},"identity_confirm_access_mode":{"type":"string","description_kind":"plain","computed":true},"identity_confirm_methods":{"type":["list","string"],"description_kind":"plain","computed":true},"identity_field":{"type":"string","description_kind":"plain","computed":true},"is_active":{"type":"bool","description_kind":"plain","computed":true},"reset_password_enabled":{"type":"bool","description_kind":"plain","computed":true},"reset_password_notification_enabled":{"type":"bool","description_kind":"plain","computed":true},"self_service_enabled":{"type":"bool","description":"Allow users to manage their account from your app","description_kind":"plain","computed":true},"signup_enabled":{"type":"bool","description":"Allow users to sign-up to your app","description_kind":"plain","computed":true},"tenant_id":{"type":"string","description":"The service `tenantId`","description_kind":"plain","required":true},"welcome_enabled":{"type":"bool","description_kind":"plain","computed":true}},"description_kind":"plain"}},"appid_idp_custom":{"version":0,"block":{"attributes":{"id":{"type":"string","description_kind":"plain","optional":true,"computed":true},"is_active":{"type":"bool","description_kind":"plain","computed":true},"public_key":{"type":"string","description":"This is the public key used to validate your signed JWT. It is required to be a PEM in the RS256 or greater format.","description_kind":"plain","computed":true},"tenant_id":{"type":"string","description":"The service `tenantId`","description_kind":"plain","required":true}},"description_kind":"plain"}},"appid_idp_facebook":{"version":0,"block":{"attributes":{"config":{"type":["list",["object",{"application_id":"string","application_secret":"string"}]],"description_kind":"plain","computed":true},"id":{"type":"string","description_kind":"plain","optional":true,"computed":true},"is_active":{"type":"bool","description_kind":"plain","computed":true},"redirect_url":{"type":"string","description":"Paste the URI into the Valid OAuth redirect URIs field in the Facebook Login section of the Facebook Developers Portal","description_kind":"plain","computed":true},"tenant_id":{"type":"string","description":"The service `tenantId`","description_kind":"plain","required":true}},"description":"Returns the Facebook identity provider configuration.","description_kind":"plain"}},"appid_idp_google":{"version":0,"block":{"attributes":{"config":{"type":["list",["object",{"application_id":"string","application_secret":"string"}]],"description_kind":"plain","computed":true},"id":{"type":"string","description_kind":"plain","optional":true,"computed":true},"is_active":{"type":"bool","description_kind":"plain","computed":true},"redirect_url":{"type":"string","description":"Paste the URI into the into the Authorized redirect URIs field in the Google Developer Console","description_kind":"plain","computed":true},"tenant_id":{"type":"string","description":"The service `tenantId`","description_kind":"plain","required":true}},"description":"Returns the Google identity provider configuration.","description_kind":"plain"}},"appid_idp_saml":{"version":0,"block":{"attributes":{"config":{"type":["list",["object",{"authn_context":["list",["object",{"class":["list","string"],"comparison":"string"}]],"certificates":["list","string"],"display_name":"string","encrypt_response":"bool","entity_id":"string","include_scoping":"bool","sign_in_url":"string","sign_request":"bool"}]],"description_kind":"plain","computed":true},"id":{"type":"string","description_kind":"plain","optional":true,"computed":true},"is_active":{"type":"bool","description_kind":"plain","computed":true},"tenant_id":{"type":"string","description":"The service `tenantId`","description_kind":"plain","required":true}},"description_kind":"plain"}},"appid_languages":{"version":0,"block":{"attributes":{"id":{"type":"string","description_kind":"plain","optional":true,"computed":true},"languages":{"type":["list","string"],"description":"The list of languages that can be used to customize email templates for Cloud Directory","description_kind":"plain","computed":true},"tenant_id":{"type":"string","description":"The service `tenantId`","description_kind":"plain","required":true}},"description":"User localization configuration","description_kind":"plain"}},"appid_media":{"version":0,"block":{"attributes":{"id":{"type":"string","description_kind":"plain","optional":true,"computed":true},"logo_url":{"type":"string","description":"AppID Login logo URL","description_kind":"plain","computed":true},"tenant_id":{"type":"string","description":"The service `tenantId`","description_kind":"plain","required":true}},"description_kind":"plain"}},"appid_mfa":{"version":0,"block":{"attributes":{"id":{"type":"string","description_kind":"plain","optional":true,"computed":true},"is_active":{"type":"bool","description":"`true` if MFA is active","description_kind":"plain","computed":true},"tenant_id":{"type":"string","description":"The service `tenantId`","description_kind":"plain","required":true}},"description_kind":"plain"}},"appid_password_regex":{"version":0,"block":{"attributes":{"base64_encoded_regex":{"type":"string","description":"The regex expression rule for acceptable password encoded in base64","description_kind":"plain","computed":true},"error_message":{"type":"string","description":"Custom error message","description_kind":"plain","computed":true},"id":{"type":"string","description_kind":"plain","optional":true,"computed":true},"regex":{"type":"string","description":"The escaped regex expression rule for acceptable password","description_kind":"plain","computed":true},"tenant_id":{"type":"string","description":"The service `tenantId`","description_kind":"plain","required":true}},"description":"The regular expression used by App ID for password strength validation","description_kind":"plain"}},"appid_redirect_urls":{"version":0,"block":{"attributes":{"id":{"type":"string","description_kind":"plain","optional":true,"computed":true},"tenant_id":{"type":"string","description":"The service `tenantId`","description_kind":"plain","required":true},"urls":{"type":["list","string"],"description":"A list of redirect URLs","description_kind":"plain","computed":true}},"description":"Redirect URIs that can be used as callbacks of App ID authentication flow","description_kind":"plain"}},"appid_role":{"version":0,"block":{"attributes":{"access":{"type":["set",["object",{"application_id":"string","scopes":["list","string"]}]],"description_kind":"plain","computed":true},"description":{"type":"string","description":"Optional role description","description_kind":"plain","computed":true},"id":{"type":"string","description_kind":"plain","optional":true,"computed":true},"name":{"type":"string","description":"Unique role name","description_kind":"plain","computed":true},"role_id":{"type":"string","description":"Role ID","description_kind":"plain","required":true},"tenant_id":{"type":"string","description":"The service `tenantId`","description_kind":"plain","required":true}},"description":"A role is a collection of `scopes` that allow varying permissions to different types of app users","description_kind":"plain"}},"appid_roles":{"version":0,"block":{"attributes":{"id":{"type":"string","description_kind":"plain","optional":true,"computed":true},"roles":{"type":["list",["object",{"access":["set",["object",{"application_id":"string","scopes":["list","string"]}]],"description":"string","name":"string","role_id":"string"}]],"description_kind":"plain","computed":true},"tenant_id":{"type":"string","description":"The service `tenantId`","description_kind":"plain","required":true}},"description":"A list of AppID roles","description_kind":"plain"}},"appid_theme_color":{"version":0,"block":{"attributes":{"header_color":{"type":"string","description_kind":"plain","computed":true},"id":{"type":"string","description_kind":"plain","optional":true,"computed":true},"tenant_id":{"type":"string","description":"The service `tenantId`","description_kind":"plain","required":true}},"description":"Colors of the App ID login widget","description_kind":"plain"}},"appid_token_config":{"version":0,"block":{"attributes":{"access_token_claim":{"type":["set",["object",{"destination_claim":"string","source":"string","source_claim":"string"}]],"description":"A set of objects that are created when claims that are related to access tokens are mapped","description_kind":"plain","computed":true},"access_token_expires_in":{"type":"number","description":"The length of time for which access tokens are valid in seconds","description_kind":"plain","computed":true},"anonymous_access_enabled":{"type":"bool","description_kind":"plain","computed":true},"anonymous_token_expires_in":{"type":"number","description":"The length of time for which an anonymous token is valid in seconds","description_kind":"plain","computed":true},"id":{"type":"string","description_kind":"plain","optional":true,"computed":true},"id_token_claim":{"type":["set",["object",{"destination_claim":"string","source":"string","source_claim":"string"}]],"description":"A set of objects that are created when claims that are related to identity tokens are mapped","description_kind":"plain","computed":true},"refresh_token_enabled":{"type":"bool","description_kind":"plain","computed":true},"refresh_token_expires_in":{"type":"number","description":"The length of time for which refresh tokens are valid in seconds","description_kind":"plain","computed":true},"tenant_id":{"type":"string","description":"The service `tenantId`","description_kind":"plain","required":true}},"description":"`appid_token_config` data source can be used to retrieve the token configuration for specific AppID tenant. [Learn more.](https://cloud.ibm.com/docs/appid?topic=appid-customizing-tokens){target=_blank}","description_kind":"plain"}}}}}}
