{"format_version":"0.2","provider_schemas":{"registry.terraform.io/datadrivers/nexus":{"provider":{"version":0,"block":{"attributes":{"insecure":{"type":"bool","description_kind":"plain","optional":true},"password":{"type":"string","description_kind":"plain","optional":true},"url":{"type":"string","description_kind":"plain","optional":true},"username":{"type":"string","description_kind":"plain","optional":true}},"description_kind":"plain"}},"resource_schemas":{"nexus_anonymous":{"version":0,"block":{"attributes":{"enabled":{"type":"bool","description":"Activate the anonymous access to the repository manager. Default: false","description_kind":"plain","optional":true},"id":{"type":"string","description_kind":"plain","optional":true,"computed":true},"realm_name":{"type":"string","description":"The name of the used realm. Default: \"NexusAuthorizingRealm\"","description_kind":"plain","optional":true},"user_id":{"type":"string","description":"The user id used by anonymous access. Default: \"anonymous\"","description_kind":"plain","optional":true}},"description_kind":"plain"}},"nexus_blobstore":{"version":0,"block":{"attributes":{"available_space_in_bytes":{"type":"string","description":"Available space in Bytes","description_kind":"plain","computed":true},"blob_count":{"type":"number","description":"Count of blobs","description_kind":"plain","computed":true},"id":{"type":"string","description_kind":"plain","optional":true,"computed":true},"name":{"type":"string","description":"Blobstore name","description_kind":"plain","required":true},"path":{"type":"string","description":"The path to the blobstore contents. This can be an absolute path to anywhere on the system nxrm has access to or it can be a path relative to the sonatype-work directory","description_kind":"plain","optional":true},"total_size_in_bytes":{"type":"number","description":"The total size of the blobstore in Bytes","description_kind":"plain","computed":true},"type":{"type":"string","description":"The type of the blobstore. Possible values: `S3` or `File`","description_kind":"plain","required":true}},"block_types":{"bucket_configuration":{"nesting_mode":"list","block":{"block_types":{"advanced_bucket_connection":{"nesting_mode":"list","block":{"attributes":{"endpoint":{"type":"string","description":"A custom endpoint URL for third party object stores using the S3 API.","description_kind":"plain","optional":true},"force_path_style":{"type":"bool","description":"Setting this flag will result in path-style access being used for all requests.","description_kind":"plain","optional":true},"signer_type":{"type":"string","description":"An API signature version which may be required for third party object stores using the S3 API.","description_kind":"plain","optional":true}},"description":"Additional connection configurations","description_kind":"plain"},"max_items":1},"bucket":{"nesting_mode":"list","block":{"attributes":{"expiration":{"type":"number","description":"How many days until deleted blobs are finally removed from the S3 bucket (-1 to disable)","description_kind":"plain","optional":true},"name":{"type":"string","description":"The name of the S3 bucket","description_kind":"plain","required":true},"prefix":{"type":"string","description":"The S3 blob store (i.e S3 object) key prefix","description_kind":"plain","optional":true},"region":{"type":"string","description":"The AWS region to create a new S3 bucket in or an existing S3 bucket's region","description_kind":"plain","required":true}},"description":"The S3 bucket configuration","description_kind":"plain"},"min_items":1,"max_items":1},"bucket_security":{"nesting_mode":"list","block":{"attributes":{"access_key_id":{"type":"string","description":"An IAM access key ID for granting access to the S3 bucket","description_kind":"plain","required":true},"role":{"type":"string","description":"An IAM role to assume in order to access the S3 bucket","description_kind":"plain","optional":true},"secret_access_key":{"type":"string","description":"The secret access key associated with the specified IAM access key ID","description_kind":"plain","required":true,"sensitive":true},"session_token":{"type":"string","description":"An AWS STS session token associated with temporary security credentials which grant access to the S3 bucket","description_kind":"plain","optional":true,"sensitive":true}},"description":"Additional security configurations","description_kind":"plain"},"max_items":1},"encryption":{"nesting_mode":"list","block":{"attributes":{"encryption_key":{"type":"string","description":"The encryption key.","description_kind":"plain","optional":true},"encryption_type":{"type":"string","description":"The type of S3 server side encryption to use.","description_kind":"plain","optional":true}},"description":"Additional bucket encryption configurations","description_kind":"plain"},"max_items":1}},"description":"The S3 bucket configuration. Needed for blobstore type 'S3'","description_kind":"plain"},"max_items":1},"soft_quota":{"nesting_mode":"list","block":{"attributes":{"limit":{"type":"number","description":"The limit in Bytes. Minimum value is 1000000","description_kind":"plain","required":true},"type":{"type":"string","description":"The type to use such as spaceRemainingQuota, or spaceUsedQuota","description_kind":"plain","required":true}},"description":"Soft quota of the blobstore","description_kind":"plain"},"max_items":1}},"description_kind":"plain"}},"nexus_content_selector":{"version":0,"block":{"attributes":{"description":{"type":"string","description":"A description of the content selector","description_kind":"plain","optional":true},"expression":{"type":"string","description":"The content selector expression","description_kind":"plain","required":true},"id":{"type":"string","description_kind":"plain","optional":true,"computed":true},"name":{"type":"string","description":"Content selector name","description_kind":"plain","required":true}},"description_kind":"plain"}},"nexus_privilege":{"version":0,"block":{"attributes":{"actions":{"type":["set","string"],"description":"Actions for the privilege (browse, read, edit, add, delete, all and run)","description_kind":"plain","required":true},"content_selector":{"type":"string","description":"The content selector for the privilege","description_kind":"plain","optional":true},"description":{"type":"string","description":"A description of the privilege","description_kind":"plain","optional":true},"domain":{"type":"string","description":"The domain of the privilege","description_kind":"plain","optional":true},"format":{"type":"string","description":"The format of the privilege","description_kind":"plain","optional":true},"id":{"type":"string","description_kind":"plain","optional":true,"computed":true},"name":{"type":"string","description":"The name of the privilege","description_kind":"plain","required":true},"pattern":{"type":"string","description":"The wildcard privilege pattern","description_kind":"plain","optional":true},"repository":{"type":"string","description":"The repository of the privilege","description_kind":"plain","optional":true},"script_name":{"type":"string","description":"The script name related to the privilege","description_kind":"plain","optional":true},"type":{"type":"string","description":"The type of the privilege","description_kind":"plain","required":true}},"description_kind":"plain"}},"nexus_repository":{"version":0,"block":{"attributes":{"format":{"type":"string","description":"Repository format","description_kind":"plain","required":true},"id":{"type":"string","description_kind":"plain","optional":true,"computed":true},"name":{"type":"string","description":"A unique identifier for this repository","description_kind":"plain","required":true},"online":{"type":"bool","description":"Whether this repository accepts incoming requests","description_kind":"plain","optional":true},"type":{"type":"string","description":"Repository type","description_kind":"plain","required":true}},"block_types":{"apt":{"nesting_mode":"list","block":{"attributes":{"distribution":{"type":"string","description":"The linux distribution","description_kind":"plain","required":true},"flat":{"type":"bool","description":"Whether this repository is flat","description_kind":"plain","optional":true}},"description":"Apt specific configuration of the repository","description_kind":"plain"}},"apt_signing":{"nesting_mode":"list","block":{"attributes":{"keypair":{"type":"string","description":"PGP signing key pair (armored private key e.g. gpg --export-secret-key --armor )","description_kind":"plain","required":true},"passphrase":{"type":"string","description":"Passphrase for the keypair","description_kind":"plain","required":true}},"description":"Apt signing configuration for the repository","description_kind":"plain"}},"bower":{"nesting_mode":"list","block":{"attributes":{"rewrite_package_urls":{"type":"bool","description":"Force Bower to retrieve packages through the proxy repository","description_kind":"plain","optional":true}},"description":"Bower specific configuration of the repository","description_kind":"plain"}},"cleanup":{"nesting_mode":"list","block":{"attributes":{"policy_names":{"type":["set","string"],"description":"List of policy names","description_kind":"plain","optional":true}},"description":"Cleanup policies","description_kind":"plain"}},"docker":{"nesting_mode":"list","block":{"attributes":{"force_basic_auth":{"type":"bool","description":"Whether to force authentication (Docker Bearer Token Realm required if false)","description_kind":"plain","optional":true},"http_port":{"type":"number","description":"Create an HTTP connector at specified port","description_kind":"plain","optional":true},"https_port":{"type":"number","description":"Create an HTTPS connector at specified port","description_kind":"plain","optional":true},"v1enabled":{"type":"bool","description":"Whether to allow clients to use the V1 API to interact with this repository","description_kind":"plain","optional":true}},"description":"Docker specific configuration of the repository","description_kind":"plain"}},"docker_proxy":{"nesting_mode":"list","block":{"attributes":{"index_type":{"type":"string","description":"Type of Docker Index","description_kind":"plain","required":true},"index_url":{"type":"string","description":"URL of Docker Index to use","description_kind":"plain","optional":true}},"description":"Configuration for docker proxy repository","description_kind":"plain"},"max_items":1},"group":{"nesting_mode":"list","block":{"attributes":{"member_names":{"type":["set","string"],"description":"Member repositories names","description_kind":"plain","required":true}},"description":"Configuration for repository group","description_kind":"plain"},"max_items":1},"http_client":{"nesting_mode":"list","block":{"attributes":{"auto_block":{"type":"bool","description":"Whether to auto-block outbound connections if remote peer is detected as unreachable/unresponsive","description_kind":"plain","optional":true},"blocked":{"type":"bool","description":"Whether to block outbound connections on the repository","description_kind":"plain","optional":true}},"block_types":{"authentication":{"nesting_mode":"list","block":{"attributes":{"ntlm_domain":{"type":"string","description":"The ntlm domain to connect","description_kind":"plain","optional":true},"ntlm_host":{"type":"string","description":"The ntlm host to connect","description_kind":"plain","optional":true},"password":{"type":"string","description":"The password used by the proxy repository","description_kind":"plain","optional":true,"sensitive":true},"type":{"type":"string","description":"Authentication type","description_kind":"plain","optional":true},"username":{"type":"string","description":"The username used by the proxy repository","description_kind":"plain","optional":true}},"description":"Authentication configuration of the HTTP client","description_kind":"plain"},"max_items":1}},"description":"HTTP Client configuration for proxy repositories","description_kind":"plain"},"max_items":1},"maven":{"nesting_mode":"list","block":{"attributes":{"layout_policy":{"type":"string","description":"Validate that all paths are maven artifact or metadata paths. Possible values: `PERMISSIVE` or `STRICT`","description_kind":"plain","optional":true},"version_policy":{"type":"string","description":"What type of artifacts does this repository store? Possible values: `RELEASE`, `SNAPSHOT` or `MIXED","description_kind":"plain","optional":true}},"description":"Maven specific configuration of the repository","description_kind":"plain"},"max_items":1},"negative_cache":{"nesting_mode":"list","block":{"attributes":{"enabled":{"type":"bool","description":"Whether to cache responses for content not present in the proxied repository","description_kind":"plain","optional":true},"ttl":{"type":"number","description":"How long to cache the fact that a file was not found in the repository (in minutes)","description_kind":"plain","optional":true}},"description":"Configuration of the negative cache handling","description_kind":"plain"},"max_items":1},"nuget_proxy":{"nesting_mode":"list","block":{"attributes":{"query_cache_item_max_age":{"type":"number","description":"What type of artifacts does this repository store","description_kind":"plain","required":true}},"description":"Configuration for the nuget proxy repository","description_kind":"plain"},"max_items":1},"proxy":{"nesting_mode":"list","block":{"attributes":{"content_max_age":{"type":"number","description":"How long (in minutes) to cache artifacts before rechecking the remote repository","description_kind":"plain","optional":true},"metadata_max_age":{"type":"number","description":"How long (in minutes) to cache metadata before rechecking the remote repository.","description_kind":"plain","optional":true},"remote_url":{"type":"string","description":"Location of the remote repository being proxied","description_kind":"plain","optional":true}},"description":"Configuration for the proxy repository","description_kind":"plain"},"max_items":1},"storage":{"nesting_mode":"list","block":{"attributes":{"blob_store_name":{"type":"string","description":"Blob store used to store repository contents","description_kind":"plain","optional":true},"strict_content_type_validation":{"type":"bool","description":"Whether to validate uploaded content's MIME type appropriate for the repository format","description_kind":"plain","optional":true},"write_policy":{"type":"string","description":"Controls if deployments of and updates to assets are allowed","description_kind":"plain","optional":true}},"description":"The storage configuration of the repository","description_kind":"plain"},"max_items":1},"yum":{"nesting_mode":"list","block":{"attributes":{"deploy_policy":{"type":"string","description":"Validate that all paths are RPMs or yum metadata. Possible values: `STRICT` or `PERMISSIVE`","description_kind":"plain","required":true},"repodata_depth":{"type":"number","description":"Specifies the repository depth where repodata folder(s) are created. Possible values: 0-5","description_kind":"plain","optional":true}},"description":"Yum specific configuration of the repository","description_kind":"plain"}}},"description_kind":"plain"}},"nexus_role":{"version":0,"block":{"attributes":{"description":{"type":"string","description":"The description of this role.","description_kind":"plain","optional":true},"id":{"type":"string","description_kind":"plain","optional":true,"computed":true},"name":{"type":"string","description":"The name of the role.","description_kind":"plain","required":true},"privileges":{"type":["set","string"],"description":"The privileges of this role.","description_kind":"plain","optional":true},"roleid":{"type":"string","description":"The id of the role.","description_kind":"plain","required":true},"roles":{"type":["set","string"],"description":"The roles of this role.","description_kind":"plain","optional":true}},"description_kind":"plain"}},"nexus_routing_rule":{"version":0,"block":{"attributes":{"description":{"type":"string","description":"The description of the routing rule","description_kind":"plain","optional":true},"id":{"type":"string","description_kind":"plain","optional":true,"computed":true},"matchers":{"type":["set","string"],"description":"Matchers is a list of regular expressions used to identify request paths that are allowed or blocked (depending on above mode)","description_kind":"plain","required":true},"mode":{"type":"string","description":"The mode describe how to hande with mathing requests. Possible values: `BLOCK` or `ALLOW` Default: `BLOCK`","description_kind":"plain","optional":true},"name":{"type":"string","description":"The name of the routing rule","description_kind":"plain","required":true}},"description_kind":"plain"}},"nexus_script":{"version":0,"block":{"attributes":{"content":{"type":"string","description":"The content of this script.","description_kind":"plain","required":true},"id":{"type":"string","description_kind":"plain","optional":true,"computed":true},"name":{"type":"string","description":"The name of the script.","description_kind":"plain","required":true},"type":{"type":"string","description":"The type of the script. Default: `groovy`","description_kind":"plain","optional":true}},"description_kind":"plain"}},"nexus_security_ldap":{"version":0,"block":{"attributes":{"auth_password":{"type":"string","description":"The password to bind with. Required if authScheme other than none.","description_kind":"plain","optional":true,"sensitive":true},"auth_realm":{"type":"string","description":"The SASL realm to bind to. Required if authScheme is CRAM_MD5 or DIGEST_MD5","description_kind":"plain","optional":true},"auth_schema":{"type":"string","description":"Authentication scheme used for connecting to LDAP server","description_kind":"plain","required":true},"auth_username":{"type":"string","description":"This must be a fully qualified username if simple authentication is used. Required if authScheme other than none.","description_kind":"plain","required":true},"connection_retry_delay_seconds":{"type":"number","description":"How long to wait before retrying","description_kind":"plain","required":true},"connection_timeout_seconds":{"type":"number","description":"How long to wait before timeout","description_kind":"plain","required":true},"group_base_dn":{"type":"string","description":"The relative DN where group objects are found (e.g. ou=Group). This value will have the Search base DN value appended to form the full Group search base DN.","description_kind":"plain","optional":true},"group_id_attribute":{"type":"string","description":"This field specifies the attribute of the Object class that defines the Group ID. Required if groupType is static","description_kind":"plain","optional":true},"group_member_attribute":{"type":"string","description":"LDAP attribute containing the usernames for the group. Required if groupType is static","description_kind":"plain","optional":true},"group_member_format":{"type":"string","description":"The format of user ID stored in the group member attribute. Required if groupType is static","description_kind":"plain","optional":true},"group_object_class":{"type":"string","description":"LDAP class for group objects. Required if groupType is static","description_kind":"plain","optional":true},"group_subtree":{"type":"bool","description":"Are groups located in structures below the group base DN","description_kind":"plain","optional":true},"group_type":{"type":"string","description":"Defines a type of groups used: static (a group contains a list of users) or dynamic (a user contains a list of groups). Required if ldapGroupsAsRoles is true.","description_kind":"plain","required":true},"host":{"type":"string","description":"LDAP server connection hostname","description_kind":"plain","required":true},"id":{"type":"string","description_kind":"plain","optional":true,"computed":true},"ldap_groups_as_roles":{"type":"bool","description":"Denotes whether LDAP assigned roles are used as Nexus Repository Manager roles","description_kind":"plain","optional":true},"max_incident_count":{"type":"number","description":"How many retry attempts","description_kind":"plain","required":true},"name":{"type":"string","description":"LDAP server name","description_kind":"plain","required":true},"port":{"type":"number","description":"LDAP server connection port to use","description_kind":"plain","required":true},"protocol":{"type":"string","description":"LDAP server connection Protocol to use","description_kind":"plain","required":true},"search_base":{"type":"string","description":"LDAP location to be added to the connection URL","description_kind":"plain","required":true},"use_trust_store":{"type":"bool","description":"Whether to use certificates stored in Nexus Repository Manager's truststore","description_kind":"plain","optional":true},"user_base_dn":{"type":"string","description":"The relative DN where user objects are found (e.g. ou=people). This value will have the Search base DN value appended to form the full User search base DN.","description_kind":"plain","optional":true},"user_email_address_attribute":{"type":"string","description":"This is used to find an email address given the user ID","description_kind":"plain","optional":true},"user_id_attribute":{"type":"string","description":"This is used to find a user given its user ID","description_kind":"plain","optional":true},"user_ldap_filter":{"type":"string","description":"LDAP search filter to limit user search","description_kind":"plain","optional":true},"user_member_of_attribute":{"type":"string","description":"Set this to the attribute used to store the attribute which holds groups DN in the user object. Required if groupType is dynamic","description_kind":"plain","optional":true},"user_object_class":{"type":"string","description":"LDAP class for user objects","description_kind":"plain","optional":true},"user_password_attribute":{"type":"string","description":"If this field is blank the user will be authenticated against a bind with the LDAP server","description_kind":"plain","optional":true},"user_real_name_attribute":{"type":"string","description":"This is used to find a real name given the user ID","description_kind":"plain","optional":true},"user_subtree":{"type":"bool","description":"Are users located in structures below the user base DN?","description_kind":"plain","optional":true}},"description_kind":"plain"}},"nexus_security_ldap_order":{"version":0,"block":{"attributes":{"id":{"type":"string","description_kind":"plain","optional":true,"computed":true},"order":{"type":["list","string"],"description":"Ordered list of LDAP server","description_kind":"plain","required":true}},"description_kind":"plain"}},"nexus_security_realms":{"version":0,"block":{"attributes":{"active":{"type":["list","string"],"description":"The realm IDs","description_kind":"plain","required":true},"id":{"type":"string","description_kind":"plain","optional":true,"computed":true}},"description_kind":"plain"}},"nexus_security_saml":{"version":0,"block":{"attributes":{"email_attribute":{"type":"string","description":"IdP field mappings for user's email address","description_kind":"plain","optional":true},"entity_id":{"type":"string","description":"Entity ID URI","description_kind":"plain","optional":true},"first_name_attribute":{"type":"string","description":"IdP field mappings for user's given name","description_kind":"plain","optional":true},"groups_attribute":{"type":"string","description":"IdP field mappings for user's groups","description_kind":"plain","optional":true},"id":{"type":"string","description_kind":"plain","optional":true,"computed":true},"idp_metadata":{"type":"string","description":"SAML Identity Provider Metadata XML","description_kind":"plain","required":true},"last_name_attribute":{"type":"string","description":"IdP field mappings for user's family name","description_kind":"plain","optional":true},"username_attribute":{"type":"string","description":"IdP field mappings for username","description_kind":"plain","required":true},"validate_assertion_signature":{"type":"bool","description":"By default, if a signing key is found in the IdP metadata, then NXRM will attempt to validate signatures on the assertions.","description_kind":"plain","optional":true},"validate_response_signature":{"type":"bool","description":"By default, if a signing key is found in the IdP metadata, then NXRM will attempt to validate signatures on the response.","description_kind":"plain","optional":true}},"description_kind":"plain"}},"nexus_security_user":{"version":0,"block":{"attributes":{"email":{"type":"string","description":"The email address associated with the user.","description_kind":"plain","required":true},"firstname":{"type":"string","description":"The first name of the user.","description_kind":"plain","required":true},"id":{"type":"string","description_kind":"plain","optional":true,"computed":true},"lastname":{"type":"string","description":"The last name of the user.","description_kind":"plain","required":true},"password":{"type":"string","description":"The password for the user.","description_kind":"plain","required":true,"sensitive":true},"roles":{"type":["set","string"],"description":"The roles which the user has been assigned within Nexus.","description_kind":"plain","optional":true},"status":{"type":"string","description":"The user's status, e.g. active or disabled.","description_kind":"plain","optional":true},"userid":{"type":"string","description":"The userid which is required for login. This value cannot be changed.","description_kind":"plain","required":true}},"description_kind":"plain"}},"nexus_security_user_token":{"version":0,"block":{"attributes":{"enabled":{"type":"bool","description":"Activate the feature of user tokens.","description_kind":"plain","required":true},"id":{"type":"string","description_kind":"plain","optional":true,"computed":true},"protect_content":{"type":"bool","description":"Require user tokens for repository authentication. This does not effect UI access.","description_kind":"plain","optional":true}},"description_kind":"plain"}},"nexus_user":{"version":0,"block":{"attributes":{"email":{"type":"string","description":"The email address associated with the user.","description_kind":"plain","required":true},"firstname":{"type":"string","description":"The first name of the user.","description_kind":"plain","required":true},"id":{"type":"string","description_kind":"plain","optional":true,"computed":true},"lastname":{"type":"string","description":"The last name of the user.","description_kind":"plain","required":true},"password":{"type":"string","description":"The password for the user.","description_kind":"plain","required":true,"sensitive":true},"roles":{"type":["set","string"],"description":"The roles which the user has been assigned within Nexus.","description_kind":"plain","optional":true},"status":{"type":"string","description":"The user's status, e.g. active or disabled.","description_kind":"plain","optional":true},"userid":{"type":"string","description":"The userid which is required for login. This value cannot be changed.","description_kind":"plain","required":true}},"description_kind":"plain"}}},"data_source_schemas":{"nexus_anonymous":{"version":0,"block":{"attributes":{"enabled":{"type":"bool","description":"Activate the anonymous access to the repository manager","description_kind":"plain","computed":true},"id":{"type":"string","description_kind":"plain","optional":true,"computed":true},"realm_name":{"type":"string","description":"The name of the used realm","description_kind":"plain","computed":true},"user_id":{"type":"string","description":"The user id used by anonymous access","description_kind":"plain","computed":true}},"description_kind":"plain"}},"nexus_blobstore":{"version":0,"block":{"attributes":{"available_space_in_bytes":{"type":"number","description":"Available space in Bytes","description_kind":"plain","computed":true},"blob_count":{"type":"number","description":"Count of blobs","description_kind":"plain","computed":true},"id":{"type":"string","description_kind":"plain","optional":true,"computed":true},"name":{"type":"string","description":"Blobstore name","description_kind":"plain","required":true},"path":{"type":"string","description":"The path to the blobstore contents","description_kind":"plain","optional":true},"total_size_in_bytes":{"type":"number","description":"The total size of the blobstore in Bytes","description_kind":"plain","computed":true},"type":{"type":"string","description":"The type of the blobstore","description_kind":"plain","optional":true}},"block_types":{"bucket_configuration":{"nesting_mode":"list","block":{"block_types":{"advanced_bucket_connection":{"nesting_mode":"list","block":{"attributes":{"endpoint":{"type":"string","description":"A custom endpoint URL for third party object stores using the S3 API.","description_kind":"plain","optional":true},"force_path_style":{"type":"bool","description":"Setting this flag will result in path-style access being used for all requests.","description_kind":"plain","optional":true},"signer_type":{"type":"string","description":"An API signature version which may be required for third party object stores using the S3 API.","description_kind":"plain","optional":true}},"description":"Additional connection configurations","description_kind":"plain"},"max_items":1},"bucket":{"nesting_mode":"list","block":{"attributes":{"expiration":{"type":"number","description":"How many days until deleted blobs are finally removed from the S3 bucket (-1 to disable)","description_kind":"plain","optional":true},"name":{"type":"string","description":"The name of the S3 bucket","description_kind":"plain","required":true},"prefix":{"type":"string","description":"The S3 blob store (i.e S3 object) key prefix","description_kind":"plain","optional":true},"region":{"type":"string","description":"The AWS region to create a new S3 bucket in or an existing S3 bucket's region","description_kind":"plain","required":true}},"description":"The S3 bucket configuration","description_kind":"plain"},"min_items":1,"max_items":1},"bucket_security":{"nesting_mode":"list","block":{"attributes":{"access_key_id":{"type":"string","description":"An IAM access key ID for granting access to the S3 bucket","description_kind":"plain","required":true},"role":{"type":"string","description":"An IAM role to assume in order to access the S3 bucket","description_kind":"plain","optional":true},"secret_access_key":{"type":"string","description":"The secret access key associated with the specified IAM access key ID","description_kind":"plain","required":true,"sensitive":true},"session_token":{"type":"string","description":"An AWS STS session token associated with temporary security credentials which grant access to the S3 bucket","description_kind":"plain","optional":true,"sensitive":true}},"description":"Additional security configurations","description_kind":"plain"},"min_items":1,"max_items":1},"encryption":{"nesting_mode":"list","block":{"attributes":{"encryption_key":{"type":"string","description":"The encryption key.","description_kind":"plain","optional":true},"encryption_type":{"type":"string","description":"The type of S3 server side encryption to use.","description_kind":"plain","optional":true}},"description":"Additional bucket encryption configurations","description_kind":"plain"},"max_items":1}},"description":"The S3 bucket configuration. Needed for blobstore type 'S3'","description_kind":"plain"},"max_items":1},"soft_quota":{"nesting_mode":"list","block":{"attributes":{"limit":{"type":"number","description":"The limit in Bytes. Minimum value is 1000000","description_kind":"plain","optional":true},"type":{"type":"string","description":"The type to use such as spaceRemainingQuota, or spaceUsedQuota","description_kind":"plain","optional":true}},"description":"Soft quota of the blobstore","description_kind":"plain"},"max_items":1}},"description_kind":"plain"}},"nexus_privileges":{"version":0,"block":{"attributes":{"domain":{"type":"string","description":"The domain of the privilege","description_kind":"plain","optional":true},"format":{"type":"string","description":"The format of the privilege","description_kind":"plain","optional":true},"id":{"type":"string","description_kind":"plain","optional":true,"computed":true},"name":{"type":"string","description":"The name of the privilege","description_kind":"plain","optional":true},"privileges":{"type":["list",["object",{"actions":["set","string"],"content_selector":"string","description":"string","domain":"string","format":"string","name":"string","pattern":"bool","read_only":"bool","repository":"string","type":"string"}]],"description":"List of privileges","description_kind":"plain","computed":true},"repository":{"type":"string","description":"The repository of the privilege","description_kind":"plain","optional":true},"type":{"type":"string","description":"The type of the privilege","description_kind":"plain","optional":true}},"description_kind":"plain"}},"nexus_repository":{"version":0,"block":{"attributes":{"format":{"type":"string","description":"Repository format","description_kind":"plain","optional":true},"id":{"type":"string","description_kind":"plain","optional":true,"computed":true},"name":{"type":"string","description":"A unique identifier for this repository","description_kind":"plain","required":true},"online":{"type":"bool","description":"Whether this repository accepts incoming requests","description_kind":"plain","optional":true},"type":{"type":"string","description":"Repository type","description_kind":"plain","optional":true}},"block_types":{"apt":{"nesting_mode":"list","block":{"attributes":{"distribution":{"type":"string","description":"The linux distribution","description_kind":"plain","required":true}},"description":"Apt specific configuration of the repository","description_kind":"plain"}},"apt_signing":{"nesting_mode":"list","block":{"attributes":{"keypair":{"type":"string","description":"PGP signing key pair (armored private key e.g. gpg --export-secret-key --armor )","description_kind":"plain","required":true},"passphrase":{"type":"string","description":"Passphrase for the keypair","description_kind":"plain","required":true}},"description":"Apt signing configuration for the repository","description_kind":"plain"}},"cleanup":{"nesting_mode":"list","block":{"attributes":{"policy_names":{"type":["set","string"],"description":"List of policy names","description_kind":"plain","required":true}},"description":"Cleanup policies","description_kind":"plain"}},"docker":{"nesting_mode":"list","block":{"attributes":{"force_basic_auth":{"type":"bool","description":"Whether to force authentication (Docker Bearer Token Realm required if false)","description_kind":"plain","optional":true},"http_port":{"type":"number","description":"Create an HTTP connector at specified port","description_kind":"plain","optional":true},"https_port":{"type":"number","description":"Create an HTTPS connector at specified port","description_kind":"plain","optional":true},"v1enabled":{"type":"bool","description":"Whether to allow clients to use the V1 API to interact with this repository","description_kind":"plain","optional":true}},"description":"Docker specific configuration of the repository","description_kind":"plain"}},"group":{"nesting_mode":"list","block":{"attributes":{"member_names":{"type":["set","string"],"description":"Member repositories names","description_kind":"plain","required":true}},"description":"Configuration for repository group","description_kind":"plain"},"max_items":1},"http_client":{"nesting_mode":"list","block":{"attributes":{"auto_block":{"type":"bool","description":"Whether to auto-block outbound connections if remote peer is detected as unreachable/unresponsive","description_kind":"plain","optional":true},"blocked":{"type":"bool","description":"Whether to block outbound connections on the repository","description_kind":"plain","optional":true}},"block_types":{"authentication":{"nesting_mode":"list","block":{"attributes":{"ntlm_domain":{"type":"string","description":"The ntlm domain to connect","description_kind":"plain","optional":true},"ntlm_host":{"type":"string","description":"The ntlm host to connect","description_kind":"plain","optional":true},"type":{"type":"string","description":"Authentication type","description_kind":"plain","required":true},"username":{"type":"string","description":"The username used by the proxy repository","description_kind":"plain","optional":true}},"description":"Authentication configuration of the HTTP client","description_kind":"plain"},"max_items":1},"connection":{"nesting_mode":"list","block":{"attributes":{"retries":{"type":"number","description":"Total retries if the initial connection attempt suffers a timeout","description_kind":"plain","optional":true},"timeout":{"type":"number","description":"Seconds to wait for activity before stopping and retrying the connection","description_kind":"plain","optional":true}},"description":"Connection configuration of the HTTP client","description_kind":"plain"}}},"description":"HTTP Client configuration for proxy repositories","description_kind":"plain"},"max_items":1},"maven":{"nesting_mode":"list","block":{"attributes":{"layout_policy":{"type":"string","description":"Validate that all paths are maven artifact or metadata paths","description_kind":"plain","optional":true},"version_policy":{"type":"string","description":"What type of artifacts does this repository store","description_kind":"plain","optional":true}},"description":"Maven specific configuration of the repository","description_kind":"plain"},"max_items":1},"negative_cache":{"nesting_mode":"list","block":{"attributes":{"enabled":{"type":"bool","description":"Whether to cache responses for content not present in the proxied repository","description_kind":"plain","optional":true},"ttl":{"type":"number","description":"How long to cache the fact that a file was not found in the repository (in minutes)","description_kind":"plain","optional":true}},"description":"Configuration of the negative cache handling","description_kind":"plain"},"max_items":1},"proxy":{"nesting_mode":"list","block":{"attributes":{"content_max_age":{"type":"number","description":"How long (in minutes) to cache artifacts before rechecking the remote repository","description_kind":"plain","optional":true},"metadata_max_age":{"type":"number","description":"How long (in minutes) to cache metadata before rechecking the remote repository.","description_kind":"plain","optional":true},"remote_url":{"type":"string","description":"Location of the remote repository being proxied","description_kind":"plain","required":true}},"description":"Configuration for the proxy repository","description_kind":"plain"},"max_items":1},"storage":{"nesting_mode":"list","block":{"attributes":{"blob_store_name":{"type":"string","description":"Blob store used to store repository contents","description_kind":"plain","optional":true},"strict_content_type_validation":{"type":"bool","description":"Whether to validate uploaded content's MIME type appropriate for the repository format","description_kind":"plain","optional":true},"write_policy":{"type":"string","description":"Controls if deployments of and updates to assets are allowed","description_kind":"plain","optional":true}},"description":"The storage configuration of the repository","description_kind":"plain"},"max_items":1}},"description_kind":"plain"}},"nexus_routing_rule":{"version":0,"block":{"attributes":{"description":{"type":"string","description":"The description of the routing rule","description_kind":"plain","computed":true},"id":{"type":"string","description_kind":"plain","optional":true,"computed":true},"matchers":{"type":["set","string"],"description":"Matchers is a list of regular expressions used to identify request paths that are allowed or blocked (depending on above mode)","description_kind":"plain","computed":true},"mode":{"type":"string","description":"The mode describe how to hande with mathing requests. Possible values: `BLOCK` or `ALLOW`","description_kind":"plain","computed":true},"name":{"type":"string","description":"The name of the routing rule","description_kind":"plain","required":true}},"description_kind":"plain"}},"nexus_security_ldap":{"version":0,"block":{"attributes":{"id":{"type":"string","description_kind":"plain","optional":true,"computed":true},"ldap":{"type":["list",["object",{"auth_password":"string","auth_realm":"string","auth_schema":"string","auth_username":"string","connection_retry_delay_seconds":"number","connection_timeout_seconds":"number","group_base_dn":"string","group_id_attribute":"string","group_member_attribute":"string","group_member_format":"string","group_object_class":"string","group_subtree":"string","group_type":"string","host":"string","id":"string","ldap_groups_as_roles":"bool","max_incident_count":"number","name":"string","port":"number","protocol":"string","search_base":"string","use_trust_store":"bool","user_base_dn":"string","user_email_address_attribute":"string","user_id_attribute":"string","user_ldap_filter":"string","user_member_of_attribute":"string","user_object_class":"string","user_password_attribute":"string","user_real_name_attribute":"string","user_subtree":"bool"}]],"description":"List of ldap configrations","description_kind":"plain","computed":true}},"description_kind":"plain"}},"nexus_security_realms":{"version":0,"block":{"attributes":{"active":{"type":["list",["object",{"id":"string","name":"string"}]],"description":"List of active security realms","description_kind":"plain","computed":true},"available":{"type":["list",["object",{"id":"string","name":"string"}]],"description":"List of available security realms","description_kind":"plain","computed":true},"id":{"type":"string","description_kind":"plain","optional":true,"computed":true}},"description_kind":"plain"}},"nexus_security_saml":{"version":0,"block":{"attributes":{"email_attribute":{"type":"string","description":"IdP field mappings for user's email address","description_kind":"plain","computed":true},"entity_id":{"type":"string","description":"Entity ID URI","description_kind":"plain","computed":true},"first_name_attribute":{"type":"string","description":"IdP field mappings for user's given name","description_kind":"plain","computed":true},"groups_attribute":{"type":"string","description":"IdP field mappings for user's groups","description_kind":"plain","computed":true},"id":{"type":"string","description_kind":"plain","optional":true,"computed":true},"idp_metadata":{"type":"string","description":"SAML Identity Provider Metadata XML","description_kind":"plain","computed":true},"last_name_attribute":{"type":"string","description":"IdP field mappings for user's family name","description_kind":"plain","computed":true},"username_attribute":{"type":"string","description":"IdP field mappings for username","description_kind":"plain","computed":true},"validate_assertion_signature":{"type":"bool","description":"By default, if a signing key is found in the IdP metadata, then NXRM will attempt to validate signatures on the assertions.","description_kind":"plain","computed":true},"validate_response_signature":{"type":"bool","description":"By default, if a signing key is found in the IdP metadata, then NXRM will attempt to validate signatures on the response.","description_kind":"plain","computed":true}},"description_kind":"plain"}},"nexus_security_user":{"version":0,"block":{"attributes":{"email":{"type":"string","description":"The email address associated with the user.","description_kind":"plain","computed":true},"firstname":{"type":"string","description":"The first name of the user.","description_kind":"plain","computed":true},"id":{"type":"string","description_kind":"plain","optional":true,"computed":true},"lastname":{"type":"string","description":"The last name of the user.","description_kind":"plain","computed":true},"roles":{"type":["set","string"],"description":"The roles which the user has been assigned within Nexus.","description_kind":"plain","computed":true},"status":{"type":"string","description":"The user's status, e.g. active or disabled.","description_kind":"plain","computed":true},"userid":{"type":"string","description":"The userid which is required for login","description_kind":"plain","required":true}},"description_kind":"plain"}},"nexus_security_user_token":{"version":0,"block":{"attributes":{"enabled":{"type":"bool","description":"Activate the feature of user tokens.","description_kind":"plain","computed":true},"id":{"type":"string","description_kind":"plain","optional":true,"computed":true},"protect_content":{"type":"bool","description":"Require user tokens for repository authentication. This does not effect UI access.","description_kind":"plain","computed":true}},"description_kind":"plain"}},"nexus_user":{"version":0,"block":{"attributes":{"email":{"type":"string","description":"The email address associated with the user.","description_kind":"plain","computed":true},"firstname":{"type":"string","description":"The first name of the user.","description_kind":"plain","computed":true},"id":{"type":"string","description_kind":"plain","optional":true,"computed":true},"lastname":{"type":"string","description":"The last name of the user.","description_kind":"plain","computed":true},"roles":{"type":["set","string"],"description":"The roles which the user has been assigned within Nexus.","description_kind":"plain","computed":true},"status":{"type":"string","description":"The user's status, e.g. active or disabled.","description_kind":"plain","computed":true},"userid":{"type":"string","description":"The userid which is required for login","description_kind":"plain","required":true}},"description_kind":"plain"}}}}}}
