{"format_version":"0.2","provider_schemas":{"registry.terraform.io/davidsbond/tailscale":{"provider":{"version":0,"block":{"attributes":{"api_key":{"type":"string","description_kind":"plain","required":true},"tailnet":{"type":"string","description_kind":"plain","required":true}},"description_kind":"plain"}},"resource_schemas":{"tailscale_acl":{"version":0,"block":{"attributes":{"acl":{"type":"string","description":"The JSON-based policy that defines which devices and users are allowed to connect in your network","description_kind":"plain","required":true},"id":{"type":"string","description_kind":"plain","optional":true,"computed":true}},"description":"The acl resource allows you to configure a Tailscale ACL. See https://tailscale.com/kb/1018/acls for more information.","description_kind":"plain"}},"tailscale_device_authorization":{"version":0,"block":{"attributes":{"authorized":{"type":"bool","description":"Whether or not the device is authorized","description_kind":"plain","required":true},"device_id":{"type":"string","description":"The device to set as authorized","description_kind":"plain","required":true},"id":{"type":"string","description_kind":"plain","optional":true,"computed":true}},"description":"The device_authorization resource is used to approve new devices before they can join the tailnet. See https://tailscale.com/kb/1099/device-authorization/ for more details.","description_kind":"plain"}},"tailscale_device_subnet_routes":{"version":0,"block":{"attributes":{"device_id":{"type":"string","description":"The device to set subnet routes for","description_kind":"plain","required":true},"id":{"type":"string","description_kind":"plain","optional":true,"computed":true},"routes":{"type":["list","string"],"description":"The subnet routes that are enabled to be routed by a device","description_kind":"plain","required":true}},"description":"The device_subnet_routes resource allows you to configure subnet routes for your Tailscale devices. See https://tailscale.com/kb/1019/subnets for more information.","description_kind":"plain"}},"tailscale_dns_nameservers":{"version":0,"block":{"attributes":{"id":{"type":"string","description_kind":"plain","optional":true,"computed":true},"nameservers":{"type":["list","string"],"description":"Devices on your network will use these nameservers to resolve DNS names. IPv4 or IPv6 addresses are accepted.","description_kind":"plain","required":true}},"description":"The dns_nameservers resource allows you to configure DNS nameservers for your Tailscale network. See https://tailscale.com/kb/1054/dns for more information.","description_kind":"plain"}},"tailscale_dns_preferences":{"version":0,"block":{"attributes":{"id":{"type":"string","description_kind":"plain","optional":true,"computed":true},"magic_dns":{"type":"bool","description":"Whether or not to enable magic DNS","description_kind":"plain","required":true}},"description":"The dns_preferences resource allows you to configure DNS preferences for your Tailscale network. See https://tailscale.com/kb/1054/dns for more information.","description_kind":"plain"}},"tailscale_dns_search_paths":{"version":0,"block":{"attributes":{"id":{"type":"string","description_kind":"plain","optional":true,"computed":true},"search_paths":{"type":["list","string"],"description":"Devices on your network will use these domain suffixes to resolve DNS names.","description_kind":"plain","required":true}},"description":"The dns_nameservers resource allows you to configure DNS nameservers for your Tailscale network. See https://tailscale.com/kb/1054/dns for more information.","description_kind":"plain"}}},"data_source_schemas":{"tailscale_device":{"version":0,"block":{"attributes":{"addresses":{"type":["list","string"],"description":"The list of device's IPs","description_kind":"plain","computed":true},"id":{"type":"string","description_kind":"plain","optional":true,"computed":true},"name":{"type":"string","description":"The name of the device","description_kind":"plain","required":true},"user":{"type":"string","description":"The user associated with the device","description_kind":"plain","computed":true}},"description":"The device data source describes a single device in a tailnet","description_kind":"plain"}},"tailscale_devices":{"version":0,"block":{"attributes":{"devices":{"type":["list",["object",{"addresses":["list","string"],"id":"string","name":"string","user":"string"}]],"description":"The list of devices in the tailnet","description_kind":"plain","computed":true},"id":{"type":"string","description_kind":"plain","optional":true,"computed":true},"name_prefix":{"type":"string","description":"Filters the device list to elements whose name has the provided prefix","description_kind":"plain","optional":true}},"description":"The devices data source describes a list of devices in a tailnet","description_kind":"plain"}}}}}}
