{"format_version":"0.2","provider_schemas":{"registry.terraform.io/davidji99/sendgrid":{"provider":{"version":0,"block":{"attributes":{"api_key":{"type":"string","description_kind":"plain","optional":true},"base_url":{"type":"string","description_kind":"plain","optional":true},"headers":{"type":["map","string"],"description_kind":"plain","optional":true}},"description_kind":"plain"}},"resource_schemas":{"sendgrid_api_key":{"version":0,"block":{"attributes":{"id":{"type":"string","description_kind":"plain","optional":true,"computed":true},"key":{"type":"string","description_kind":"plain","computed":true,"sensitive":true},"name":{"type":"string","description_kind":"plain","required":true},"scopes":{"type":["set","string"],"description_kind":"plain","optional":true,"computed":true}},"description_kind":"plain"}}}}}}
