{"format_version":"0.2","provider_schemas":{"registry.terraform.io/davidji99/ultradns":{"provider":{"version":0,"block":{"attributes":{"baseurl":{"type":"string","description":"UltraDNS Base URL","description_kind":"plain","optional":true},"password":{"type":"string","description":"UltraDNS User Password","description_kind":"plain","required":true},"username":{"type":"string","description":"UltraDNS Username.","description_kind":"plain","required":true}},"description_kind":"plain"}},"resource_schemas":{"ultradns_dirpool":{"version":0,"block":{"attributes":{"conflict_resolve":{"type":"string","description_kind":"plain","optional":true},"description":{"type":"string","description_kind":"plain","required":true},"hostname":{"type":"string","description_kind":"plain","computed":true},"id":{"type":"string","description_kind":"plain","optional":true,"computed":true},"name":{"type":"string","description_kind":"plain","required":true},"ttl":{"type":"number","description_kind":"plain","optional":true},"type":{"type":"string","description_kind":"plain","required":true},"zone":{"type":"string","description_kind":"plain","required":true}},"block_types":{"no_response":{"nesting_mode":"list","block":{"attributes":{"all_non_configured":{"type":"bool","description_kind":"plain","optional":true}},"block_types":{"geo_info":{"nesting_mode":"list","block":{"attributes":{"codes":{"type":["set","string"],"description_kind":"plain","optional":true},"is_account_level":{"type":"bool","description_kind":"plain","optional":true},"name":{"type":"string","description_kind":"plain","optional":true}},"description_kind":"plain"}},"ip_info":{"nesting_mode":"list","block":{"attributes":{"is_account_level":{"type":"bool","description_kind":"plain","optional":true},"name":{"type":"string","description_kind":"plain","optional":true}},"block_types":{"ips":{"nesting_mode":"set","block":{"attributes":{"address":{"type":"string","description_kind":"plain","optional":true},"cidr":{"type":"string","description_kind":"plain","optional":true},"end":{"type":"string","description_kind":"plain","optional":true},"start":{"type":"string","description_kind":"plain","optional":true}},"description_kind":"plain"}}},"description_kind":"plain"}}},"description_kind":"plain"}},"rdata":{"nesting_mode":"set","block":{"attributes":{"all_non_configured":{"type":"bool","description_kind":"plain","optional":true},"host":{"type":"string","description_kind":"plain","required":true}},"block_types":{"geo_info":{"nesting_mode":"list","block":{"attributes":{"codes":{"type":["set","string"],"description_kind":"plain","optional":true},"is_account_level":{"type":"bool","description_kind":"plain","optional":true},"name":{"type":"string","description_kind":"plain","optional":true}},"description_kind":"plain"}},"ip_info":{"nesting_mode":"list","block":{"attributes":{"is_account_level":{"type":"bool","description_kind":"plain","optional":true},"name":{"type":"string","description_kind":"plain","optional":true}},"block_types":{"ips":{"nesting_mode":"set","block":{"attributes":{"address":{"type":"string","description_kind":"plain","optional":true},"cidr":{"type":"string","description_kind":"plain","optional":true},"end":{"type":"string","description_kind":"plain","optional":true},"start":{"type":"string","description_kind":"plain","optional":true}},"description_kind":"plain"}}},"description_kind":"plain"}}},"description_kind":"plain"},"min_items":1}},"description_kind":"plain"}},"ultradns_probe_http":{"version":0,"block":{"attributes":{"agents":{"type":["set","string"],"description_kind":"plain","required":true},"http_id":{"type":"string","description_kind":"plain","computed":true},"id":{"type":"string","description_kind":"plain","optional":true,"computed":true},"interval":{"type":"string","description_kind":"plain","optional":true},"name":{"type":"string","description_kind":"plain","required":true},"pool_record":{"type":"string","description_kind":"plain","optional":true},"threshold":{"type":"number","description_kind":"plain","required":true},"zone":{"type":"string","description_kind":"plain","required":true}},"block_types":{"http_probe":{"nesting_mode":"list","block":{"block_types":{"total_limits":{"nesting_mode":"list","block":{"attributes":{"critical":{"type":"number","description_kind":"plain","optional":true},"fail":{"type":"number","description_kind":"plain","optional":true},"warning":{"type":"number","description_kind":"plain","optional":true}},"description_kind":"plain"}},"transaction":{"nesting_mode":"list","block":{"attributes":{"follow_redirects":{"type":"bool","description_kind":"plain","optional":true},"method":{"type":"string","description_kind":"plain","required":true},"transmitted_data":{"type":"string","description_kind":"plain","optional":true},"url":{"type":"string","description_kind":"plain","required":true}},"block_types":{"limit":{"nesting_mode":"set","block":{"attributes":{"critical":{"type":"number","description_kind":"plain","required":true},"fail":{"type":"number","description_kind":"plain","required":true},"name":{"type":"string","description_kind":"plain","required":true},"warning":{"type":"number","description_kind":"plain","required":true}},"description_kind":"plain"}}},"description_kind":"plain"}}},"description_kind":"plain"}}},"description_kind":"plain"}},"ultradns_probe_ping":{"version":0,"block":{"attributes":{"agents":{"type":["list","string"],"description_kind":"plain","required":true},"id":{"type":"string","description_kind":"plain","optional":true,"computed":true},"interval":{"type":"string","description_kind":"plain","optional":true},"name":{"type":"string","description_kind":"plain","required":true},"ping_id":{"type":"string","description_kind":"plain","computed":true},"pool_record":{"type":"string","description_kind":"plain","optional":true},"threshold":{"type":"number","description_kind":"plain","required":true},"zone":{"type":"string","description_kind":"plain","required":true}},"block_types":{"ping_probe":{"nesting_mode":"list","block":{"attributes":{"packet_size":{"type":"number","description_kind":"plain","optional":true},"packets":{"type":"number","description_kind":"plain","optional":true}},"block_types":{"limit":{"nesting_mode":"set","block":{"attributes":{"critical":{"type":"number","description_kind":"plain","required":true},"fail":{"type":"number","description_kind":"plain","required":true},"name":{"type":"string","description_kind":"plain","required":true},"warning":{"type":"number","description_kind":"plain","required":true}},"description_kind":"plain"}}},"description_kind":"plain"}}},"description_kind":"plain"}},"ultradns_rdpool":{"version":0,"block":{"attributes":{"description":{"type":"string","description_kind":"plain","optional":true},"hostname":{"type":"string","description_kind":"plain","computed":true},"id":{"type":"string","description_kind":"plain","optional":true,"computed":true},"name":{"type":"string","description_kind":"plain","required":true},"order":{"type":"string","description_kind":"plain","optional":true},"rdata":{"type":["set","string"],"description_kind":"plain","required":true},"ttl":{"type":"number","description_kind":"plain","optional":true},"zone":{"type":"string","description_kind":"plain","required":true}},"description_kind":"plain"}},"ultradns_record":{"version":0,"block":{"attributes":{"hostname":{"type":"string","description_kind":"plain","computed":true},"id":{"type":"string","description_kind":"plain","optional":true,"computed":true},"name":{"type":"string","description_kind":"plain","required":true},"rdata":{"type":["set","string"],"description_kind":"plain","required":true},"ttl":{"type":"string","description_kind":"plain","optional":true},"type":{"type":"string","description_kind":"plain","required":true},"zone":{"type":"string","description_kind":"plain","required":true}},"description_kind":"plain"}},"ultradns_tcpool":{"version":0,"block":{"attributes":{"act_on_probes":{"type":"bool","description_kind":"plain","optional":true},"backup_record_failover_delay":{"type":"number","description_kind":"plain","optional":true},"backup_record_rdata":{"type":"string","description_kind":"plain","optional":true},"description":{"type":"string","description_kind":"plain","required":true},"hostname":{"type":"string","description_kind":"plain","computed":true},"id":{"type":"string","description_kind":"plain","optional":true,"computed":true},"max_to_lb":{"type":"number","description_kind":"plain","optional":true},"name":{"type":"string","description_kind":"plain","required":true},"run_probes":{"type":"bool","description_kind":"plain","optional":true},"ttl":{"type":"number","description_kind":"plain","optional":true},"zone":{"type":"string","description_kind":"plain","required":true}},"block_types":{"rdata":{"nesting_mode":"set","block":{"attributes":{"failover_delay":{"type":"number","description_kind":"plain","optional":true},"host":{"type":"string","description_kind":"plain","required":true},"priority":{"type":"number","description_kind":"plain","optional":true},"run_probes":{"type":"bool","description_kind":"plain","optional":true},"state":{"type":"string","description_kind":"plain","optional":true},"threshold":{"type":"number","description_kind":"plain","optional":true},"weight":{"type":"number","description_kind":"plain","optional":true}},"description_kind":"plain"},"min_items":1}},"description_kind":"plain"}}}}}}
