{"format_version":"0.2","provider_schemas":{"registry.terraform.io/davidji99/asana":{"provider":{"version":0,"block":{"attributes":{"access_token":{"type":"string","description_kind":"plain","optional":true},"headers":{"type":["map","string"],"description_kind":"plain","optional":true},"url":{"type":"string","description_kind":"plain","optional":true}},"description_kind":"plain"}},"resource_schemas":{"asana_project":{"version":0,"block":{"attributes":{"archived":{"type":"bool","description_kind":"plain","optional":true},"color":{"type":"string","description_kind":"plain","optional":true,"computed":true},"custom_fields":{"type":["map","string"],"description_kind":"plain","optional":true,"computed":true},"default_view":{"type":"string","description_kind":"plain","required":true},"due_on":{"type":"string","description_kind":"plain","optional":true,"computed":true},"followers":{"type":["set","string"],"description_kind":"plain","optional":true,"computed":true},"html_notes":{"type":"string","description_kind":"plain","optional":true,"computed":true},"id":{"type":"string","description_kind":"plain","optional":true,"computed":true},"is_public":{"type":"bool","description_kind":"plain","optional":true},"is_template":{"type":"bool","description_kind":"plain","optional":true,"computed":true},"name":{"type":"string","description_kind":"plain","required":true},"notes":{"type":"string","description_kind":"plain","optional":true,"computed":true},"owner":{"type":"string","description_kind":"plain","optional":true,"computed":true},"start_on":{"type":"string","description_kind":"plain","optional":true,"computed":true},"team_id":{"type":"string","description_kind":"plain","optional":true,"computed":true},"workspace_id":{"type":"string","description_kind":"plain","required":true}},"description_kind":"plain"}}}}}}
