{"format_version":"0.2","provider_schemas":{"registry.terraform.io/davidji99/split":{"provider":{"version":0,"block":{"attributes":{"api_key":{"type":"string","description_kind":"plain","optional":true},"base_url":{"type":"string","description_kind":"plain","optional":true},"headers":{"type":["map","string"],"description_kind":"plain","optional":true},"remove_environment_from_state_only":{"type":"bool","description_kind":"plain","optional":true}},"description_kind":"plain"}},"resource_schemas":{"split_environment":{"version":0,"block":{"attributes":{"id":{"type":"string","description_kind":"plain","optional":true,"computed":true},"name":{"type":"string","description_kind":"plain","required":true},"production":{"type":"bool","description_kind":"plain","optional":true},"workspace_id":{"type":"string","description_kind":"plain","required":true}},"description_kind":"plain"}},"split_group":{"version":0,"block":{"attributes":{"description":{"type":"string","description_kind":"plain","optional":true,"computed":true},"id":{"type":"string","description_kind":"plain","optional":true,"computed":true},"name":{"type":"string","description_kind":"plain","required":true}},"description_kind":"plain"}},"split_segment":{"version":0,"block":{"attributes":{"description":{"type":"string","description_kind":"plain","optional":true,"computed":true},"id":{"type":"string","description_kind":"plain","optional":true,"computed":true},"name":{"type":"string","description_kind":"plain","required":true},"traffic_type_id":{"type":"string","description_kind":"plain","required":true},"workspace_id":{"type":"string","description_kind":"plain","required":true}},"description_kind":"plain"}},"split_user":{"version":0,"block":{"attributes":{"2fa":{"type":"bool","description_kind":"plain","computed":true},"email":{"type":"string","description_kind":"plain","required":true},"id":{"type":"string","description_kind":"plain","optional":true,"computed":true},"name":{"type":"string","description_kind":"plain","computed":true},"status":{"type":"string","description_kind":"plain","computed":true}},"description_kind":"plain"}}},"data_source_schemas":{"split_traffic_type":{"version":0,"block":{"attributes":{"display_attribute_id":{"type":"string","description_kind":"plain","computed":true},"id":{"type":"string","description_kind":"plain","optional":true,"computed":true},"name":{"type":"string","description_kind":"plain","required":true},"type":{"type":"string","description_kind":"plain","computed":true},"workspace_id":{"type":"string","description_kind":"plain","required":true},"workspace_name":{"type":"string","description_kind":"plain","computed":true}},"description_kind":"plain"}},"split_workspace":{"version":0,"block":{"attributes":{"id":{"type":"string","description_kind":"plain","optional":true,"computed":true},"name":{"type":"string","description_kind":"plain","required":true},"requires_title_and_comments":{"type":"bool","description_kind":"plain","computed":true},"type":{"type":"string","description_kind":"plain","computed":true}},"description_kind":"plain"}}}}}}
