{"format_version":"0.2","provider_schemas":{"registry.terraform.io/ddelnano/mikrotik":{"provider":{"version":0,"block":{"attributes":{"ca_certificate":{"type":"string","description":"Path to MikroTik's certificate authority","description_kind":"plain","optional":true},"host":{"type":"string","description":"Hostname of the mikrotik router","description_kind":"plain","required":true},"insecure":{"type":"bool","description":"Insecure connection does not verify MikroTik's TLS certificate","description_kind":"plain","optional":true},"password":{"type":"string","description":"Password for mikrotik api","description_kind":"plain","optional":true},"tls":{"type":"bool","description":"Whether to use TLS when connecting to MikroTik or not","description_kind":"plain","optional":true},"username":{"type":"string","description":"User account for mikrotik api","description_kind":"plain","required":true}},"description_kind":"plain"}},"resource_schemas":{"mikrotik_bgp_instance":{"version":0,"block":{"attributes":{"as":{"type":"number","description_kind":"plain","required":true},"client_to_client_reflection":{"type":"bool","description_kind":"plain","optional":true},"cluster_id":{"type":"string","description_kind":"plain","optional":true},"comment":{"type":"string","description_kind":"plain","optional":true},"confederation":{"type":"number","description_kind":"plain","optional":true},"confederation_peers":{"type":"string","description_kind":"plain","optional":true},"disabled":{"type":"bool","description_kind":"plain","optional":true},"id":{"type":"string","description_kind":"plain","optional":true,"computed":true},"ignore_as_path_len":{"type":"bool","description_kind":"plain","optional":true},"name":{"type":"string","description_kind":"plain","required":true},"out_filter":{"type":"string","description_kind":"plain","optional":true},"redistribute_connected":{"type":"bool","description_kind":"plain","optional":true},"redistribute_ospf":{"type":"bool","description_kind":"plain","optional":true},"redistribute_other_bgp":{"type":"bool","description_kind":"plain","optional":true},"redistribute_rip":{"type":"bool","description_kind":"plain","optional":true},"redistribute_static":{"type":"bool","description_kind":"plain","optional":true},"router_id":{"type":"string","description_kind":"plain","required":true},"routing_table":{"type":"string","description_kind":"plain","optional":true}},"description_kind":"plain"}},"mikrotik_bgp_peer":{"version":0,"block":{"attributes":{"address_families":{"type":"string","description_kind":"plain","optional":true},"allow_as_in":{"type":"number","description_kind":"plain","optional":true},"as_override":{"type":"bool","description_kind":"plain","optional":true},"cisco_vpls_nlri_len_fmt":{"type":"string","description_kind":"plain","optional":true},"comment":{"type":"string","description_kind":"plain","optional":true},"default_originate":{"type":"string","description_kind":"plain","optional":true},"disabled":{"type":"bool","description_kind":"plain","optional":true},"hold_time":{"type":"string","description_kind":"plain","optional":true},"id":{"type":"string","description_kind":"plain","optional":true,"computed":true},"in_filter":{"type":"string","description_kind":"plain","optional":true},"instance":{"type":"string","description_kind":"plain","required":true},"keepalive_time":{"type":"string","description_kind":"plain","optional":true},"max_prefix_limit":{"type":"number","description_kind":"plain","optional":true},"max_prefix_restart_time":{"type":"string","description_kind":"plain","optional":true},"multihop":{"type":"bool","description_kind":"plain","optional":true},"name":{"type":"string","description_kind":"plain","required":true},"nexthop_choice":{"type":"string","description_kind":"plain","optional":true},"out_filter":{"type":"string","description_kind":"plain","optional":true},"passive":{"type":"bool","description_kind":"plain","optional":true},"remote_address":{"type":"string","description_kind":"plain","required":true},"remote_as":{"type":"number","description_kind":"plain","required":true},"remote_port":{"type":"number","description_kind":"plain","optional":true},"remove_private_as":{"type":"bool","description_kind":"plain","optional":true},"route_reflect":{"type":"bool","description_kind":"plain","optional":true},"tcp_md5_key":{"type":"string","description_kind":"plain","optional":true},"ttl":{"type":"string","description_kind":"plain","optional":true},"update_source":{"type":"string","description_kind":"plain","optional":true},"use_bfd":{"type":"bool","description_kind":"plain","optional":true}},"description_kind":"plain"}},"mikrotik_dhcp_lease":{"version":0,"block":{"attributes":{"address":{"type":"string","description_kind":"plain","required":true},"blocked":{"type":"string","description_kind":"plain","optional":true},"comment":{"type":"string","description_kind":"plain","optional":true},"dynamic":{"type":"bool","description_kind":"plain","optional":true},"hostname":{"type":"string","description_kind":"plain","optional":true},"id":{"type":"string","description_kind":"plain","optional":true,"computed":true},"macaddress":{"type":"string","description_kind":"plain","required":true}},"description_kind":"plain"}},"mikrotik_dns_record":{"version":0,"block":{"attributes":{"address":{"type":"string","description_kind":"plain","required":true},"id":{"type":"string","description_kind":"plain","optional":true,"computed":true},"name":{"type":"string","description_kind":"plain","required":true},"ttl":{"type":"number","description_kind":"plain","optional":true,"computed":true}},"description_kind":"plain"}},"mikrotik_pool":{"version":0,"block":{"attributes":{"comment":{"type":"string","description_kind":"plain","optional":true},"id":{"type":"string","description_kind":"plain","optional":true,"computed":true},"name":{"type":"string","description_kind":"plain","required":true},"ranges":{"type":"string","description_kind":"plain","required":true}},"description_kind":"plain"}},"mikrotik_scheduler":{"version":0,"block":{"attributes":{"id":{"type":"string","description_kind":"plain","optional":true,"computed":true},"interval":{"type":"number","description_kind":"plain","optional":true},"name":{"type":"string","description_kind":"plain","required":true},"on_event":{"type":"string","description_kind":"plain","required":true},"start_date":{"type":"string","description_kind":"plain","computed":true},"start_time":{"type":"string","description_kind":"plain","computed":true}},"description_kind":"plain"}},"mikrotik_script":{"version":0,"block":{"attributes":{"dont_require_permissions":{"type":"bool","description_kind":"plain","optional":true},"id":{"type":"string","description_kind":"plain","optional":true,"computed":true},"name":{"type":"string","description_kind":"plain","required":true},"owner":{"type":"string","description_kind":"plain","required":true},"policy":{"type":["list","string"],"description_kind":"plain","required":true},"source":{"type":"string","description_kind":"plain","required":true}},"description_kind":"plain"}}}}}}
