{"format_version":"0.2","provider_schemas":{"registry.terraform.io/devans10/flash":{"provider":{"version":0,"block":{"attributes":{"api_token":{"type":"string","description_kind":"plain","optional":true},"password":{"type":"string","description_kind":"plain","optional":true},"request_kwargs":{"type":["map","string"],"description_kind":"plain","optional":true},"rest_version":{"type":"string","description_kind":"plain","optional":true},"ssl_cert":{"type":"bool","description_kind":"plain","optional":true},"target":{"type":"string","description_kind":"plain","optional":true},"user_agent":{"type":"string","description_kind":"plain","optional":true},"username":{"type":"string","description_kind":"plain","optional":true},"verify_https":{"type":"bool","description_kind":"plain","optional":true}},"description_kind":"plain"}},"resource_schemas":{"purestorage_flasharray":{"version":0,"block":{"attributes":{"id":{"type":"string","description_kind":"plain","optional":true,"computed":true},"name":{"type":"string","description_kind":"plain","optional":true},"revision":{"type":"string","description_kind":"plain","optional":true},"version":{"type":"string","description_kind":"plain","optional":true}},"description_kind":"plain"}},"purestorage_host":{"version":0,"block":{"attributes":{"hgroup":{"type":"string","description_kind":"plain","optional":true},"host_password":{"type":"string","description":"Host password for CHAP authentication.","description_kind":"plain","optional":true,"computed":true},"host_user":{"type":"string","description":"Host username for CHAP authentication.","description_kind":"plain","optional":true},"id":{"type":"string","description_kind":"plain","optional":true,"computed":true},"iqn":{"type":["list","string"],"description":"List of iSCSI qualified names (IQNs) to the specified host.","description_kind":"plain","optional":true},"name":{"type":"string","description":"Name of the host","description_kind":"plain","required":true},"nqn":{"type":["list","string"],"description":"List of NVMeF qualified names (NQNs) to the specified host.","description_kind":"plain","optional":true},"personality":{"type":"string","description":"Determines how the Purity system tunes the protocol used between the array and the initiator.","description_kind":"plain","optional":true},"preferred_array":{"type":["list","string"],"description":"List of preferred arrays.","description_kind":"plain","optional":true},"target_password":{"type":"string","description":"Target password for CHAP authentication.","description_kind":"plain","optional":true,"computed":true},"target_user":{"type":"string","description":"Target username for CHAP authentication.","description_kind":"plain","optional":true},"wwn":{"type":["list","string"],"description":"List of Fibre Channel worldwide names (WWNs) to the specified host.","description_kind":"plain","optional":true}},"block_types":{"volume":{"nesting_mode":"set","block":{"attributes":{"lun":{"type":"number","description_kind":"plain","required":true},"vol":{"type":"string","description_kind":"plain","required":true}},"description_kind":"plain"}}},"description_kind":"plain"}},"purestorage_hostgroup":{"version":0,"block":{"attributes":{"hosts":{"type":["list","string"],"description_kind":"plain","optional":true},"id":{"type":"string","description_kind":"plain","optional":true,"computed":true},"name":{"type":"string","description_kind":"plain","required":true}},"block_types":{"volume":{"nesting_mode":"set","block":{"attributes":{"lun":{"type":"number","description_kind":"plain","required":true},"vol":{"type":"string","description_kind":"plain","required":true}},"description_kind":"plain"}}},"description_kind":"plain"}},"purestorage_protectiongroup":{"version":0,"block":{"attributes":{"all_for":{"type":"number","description":"Modifies the retention policy of the protection group. Specifies the length of time to keep the snapshots on the source array before they are eradicated.","description_kind":"plain","optional":true},"days":{"type":"number","description":"Modifies the retention policy of the protection group. Specifies the number of days to keep the per_day snapshots beyond the all_for period before they are eradicated.","description_kind":"plain","optional":true},"hgroups":{"type":["list","string"],"description_kind":"plain","optional":true},"hosts":{"type":["list","string"],"description_kind":"plain","optional":true},"id":{"type":"string","description_kind":"plain","optional":true,"computed":true},"name":{"type":"string","description_kind":"plain","required":true},"per_day":{"type":"number","description":"Modifies the retention policy of the protection group. Specifies the number of per_day snapshots to keep beyond the all_for period.","description_kind":"plain","optional":true},"replicate_at":{"type":"number","description":"Modifies the replication schedule of the protection group. Specifies the preferred time, on the hour, at which to replicate the snapshots.","description_kind":"plain","optional":true},"replicate_blackout":{"type":["map","string"],"description":"Modifies the replication schedule of the protection group. Specifies the range of time at which to suspend replication.","description_kind":"plain","optional":true},"replicate_enabled":{"type":"bool","description":"Used to enable (true) or disable (false) the protection group replication schedule.","description_kind":"plain","optional":true},"replicate_frequency":{"type":"number","description":"Modifies the replication schedule of the protection group. Specifies the replication frequency.","description_kind":"plain","optional":true},"snap_at":{"type":"number","description":"Modifies the snapshot schedule of the protection group. Specifies the preferred time, on the hour, at which to generate the snapshot.","description_kind":"plain","optional":true},"snap_enabled":{"type":"bool","description":"Used to enable (true) or disable (false) the protection group snapshot schedule.","description_kind":"plain","optional":true},"snap_frequency":{"type":"number","description":"Modifies the snapshot schedule of the protection group. Specifies the snapshot frequency.","description_kind":"plain","optional":true},"source":{"type":"string","description_kind":"plain","optional":true,"computed":true},"target_all_for":{"type":"number","description":"Modifies the retention policy of the protection group. Specifies the length of time to keep the replicated snapshots on the targets.","description_kind":"plain","optional":true},"target_days":{"type":"number","description":"Modifies the retention policy of the protection group. Specifies the number of days to keep the target_per_day replicated snapshots beyond the target_all_for period before they are eradicated.","description_kind":"plain","optional":true},"target_per_day":{"type":"number","description":"Modifies the retention policy of the protection group. Specifies the number of per_day replicated snapshots to keep beyond the target_all_for period.","description_kind":"plain","optional":true},"targets":{"type":["list",["map","string"]],"description_kind":"plain","optional":true},"volumes":{"type":["list","string"],"description_kind":"plain","optional":true}},"description_kind":"plain"}},"purestorage_volume":{"version":0,"block":{"attributes":{"created":{"type":"string","description_kind":"plain","optional":true,"computed":true},"id":{"type":"string","description_kind":"plain","optional":true,"computed":true},"name":{"type":"string","description_kind":"plain","required":true},"serial":{"type":"string","description_kind":"plain","optional":true,"computed":true},"size":{"type":"number","description_kind":"plain","optional":true,"computed":true},"source":{"type":"string","description_kind":"plain","optional":true,"computed":true}},"description_kind":"plain"}}},"data_source_schemas":{"purestorage_flasharray":{"version":0,"block":{"attributes":{"id":{"type":"string","description_kind":"plain","optional":true,"computed":true},"name":{"type":"string","description_kind":"plain","optional":true},"revision":{"type":"string","description_kind":"plain","optional":true},"version":{"type":"string","description_kind":"plain","optional":true}},"description_kind":"plain"}}}}}}
