{"format_version":"0.2","provider_schemas":{"registry.terraform.io/deviavir/gsuite":{"provider":{"version":0,"block":{"attributes":{"credentials":{"type":"string","description_kind":"plain","optional":true},"customer_id":{"type":"string","description_kind":"plain","optional":true},"impersonated_user_email":{"type":"string","description_kind":"plain","optional":true},"oauth_scopes":{"type":["set","string"],"description_kind":"plain","optional":true},"timeout_minutes":{"type":"number","description_kind":"plain","optional":true},"update_existing":{"type":"bool","description_kind":"plain","optional":true}},"description_kind":"plain"}},"resource_schemas":{"gsuite_domain":{"version":0,"block":{"attributes":{"creation_time":{"type":"string","description_kind":"plain","computed":true},"domain_name":{"type":"string","description_kind":"plain","required":true},"etag":{"type":"string","description_kind":"plain","computed":true},"id":{"type":"string","description_kind":"plain","optional":true,"computed":true}},"description_kind":"plain"}},"gsuite_group":{"version":0,"block":{"attributes":{"admin_created":{"type":"bool","description_kind":"plain","computed":true},"aliases":{"type":["list","string"],"description_kind":"plain","optional":true},"description":{"type":"string","description_kind":"plain","optional":true},"direct_members_count":{"type":"number","description_kind":"plain","computed":true},"email":{"type":"string","description_kind":"plain","required":true},"id":{"type":"string","description_kind":"plain","optional":true,"computed":true},"name":{"type":"string","description_kind":"plain","optional":true},"non_editable_aliases":{"type":["list","string"],"description_kind":"plain","computed":true}},"description_kind":"plain"}},"gsuite_group_member":{"version":0,"block":{"attributes":{"email":{"type":"string","description_kind":"plain","required":true},"etag":{"type":"string","description_kind":"plain","computed":true},"group":{"type":"string","description_kind":"plain","required":true},"id":{"type":"string","description_kind":"plain","optional":true,"computed":true},"kind":{"type":"string","description_kind":"plain","computed":true},"role":{"type":"string","description_kind":"plain","optional":true},"status":{"type":"string","description_kind":"plain","computed":true},"type":{"type":"string","description_kind":"plain","computed":true}},"description_kind":"plain"}},"gsuite_group_members":{"version":0,"block":{"attributes":{"group_email":{"type":"string","description_kind":"plain","required":true},"id":{"type":"string","description_kind":"plain","optional":true,"computed":true}},"block_types":{"member":{"nesting_mode":"set","block":{"attributes":{"email":{"type":"string","description_kind":"plain","required":true},"etag":{"type":"string","description_kind":"plain","computed":true},"kind":{"type":"string","description_kind":"plain","computed":true},"role":{"type":"string","description_kind":"plain","optional":true},"status":{"type":"string","description_kind":"plain","computed":true},"type":{"type":"string","description_kind":"plain","computed":true}},"description_kind":"plain"},"min_items":1}},"description_kind":"plain"}},"gsuite_group_settings":{"version":0,"block":{"attributes":{"allow_external_members":{"type":"string","description_kind":"plain","optional":true},"allow_google_communication":{"type":"string","description_kind":"plain","optional":true},"allow_web_posting":{"type":"string","description_kind":"plain","optional":true},"archive_only":{"type":"string","description_kind":"plain","optional":true},"custom_footer_text":{"type":"string","description_kind":"plain","optional":true},"custom_reply_to":{"type":"string","description_kind":"plain","optional":true},"description":{"type":"string","description_kind":"plain","computed":true},"email":{"type":"string","description_kind":"plain","required":true},"favorite_replies_on_top":{"type":"string","description_kind":"plain","optional":true},"id":{"type":"string","description_kind":"plain","optional":true,"computed":true},"include_custom_footer":{"type":"string","description_kind":"plain","optional":true},"include_in_global_address_list":{"type":"string","description_kind":"plain","optional":true},"is_archived":{"type":"string","description_kind":"plain","computed":true},"kind":{"type":"string","description_kind":"plain","computed":true},"max_message_bytes":{"type":"number","description_kind":"plain","optional":true},"members_can_post_as_the_group":{"type":"string","description_kind":"plain","optional":true},"message_display_font":{"type":"string","description_kind":"plain","optional":true},"message_moderation_level":{"type":"string","description_kind":"plain","optional":true},"name":{"type":"string","description_kind":"plain","computed":true},"primary_language":{"type":"string","description_kind":"plain","optional":true},"reply_to":{"type":"string","description_kind":"plain","optional":true},"send_message_deny_notification":{"type":"string","description_kind":"plain","optional":true},"show_in_group_directory":{"type":"string","description_kind":"plain","optional":true},"spam_moderation_level":{"type":"string","description_kind":"plain","optional":true},"who_can_add":{"type":"string","description_kind":"plain","optional":true},"who_can_add_references":{"type":"string","description_kind":"plain","optional":true},"who_can_approve_members":{"type":"string","description_kind":"plain","optional":true},"who_can_approve_messages":{"type":"string","description_kind":"plain","optional":true},"who_can_assign_topics":{"type":"string","description_kind":"plain","optional":true},"who_can_assist_content":{"type":"string","description_kind":"plain","optional":true},"who_can_ban_users":{"type":"string","description_kind":"plain","optional":true},"who_can_contact_owner":{"type":"string","description_kind":"plain","optional":true},"who_can_delete_any_post":{"type":"string","description_kind":"plain","optional":true},"who_can_delete_topics":{"type":"string","description_kind":"plain","optional":true},"who_can_discover_group":{"type":"string","description_kind":"plain","optional":true},"who_can_enter_free_form_tags":{"type":"string","description_kind":"plain","optional":true},"who_can_hide_abuse":{"type":"string","description_kind":"plain","optional":true},"who_can_invite":{"type":"string","description_kind":"plain","optional":true},"who_can_join":{"type":"string","description_kind":"plain","optional":true},"who_can_leave_group":{"type":"string","description_kind":"plain","optional":true},"who_can_lock_topics":{"type":"string","description_kind":"plain","optional":true},"who_can_make_topics_sticky":{"type":"string","description_kind":"plain","optional":true},"who_can_mark_duplicate":{"type":"string","description_kind":"plain","optional":true},"who_can_mark_favorite_reply_on_any_topic":{"type":"string","description_kind":"plain","optional":true},"who_can_mark_favorite_reply_on_own_topic":{"type":"string","description_kind":"plain","optional":true},"who_can_mark_no_response_needed":{"type":"string","description_kind":"plain","optional":true},"who_can_moderate_content":{"type":"string","description_kind":"plain","optional":true},"who_can_moderate_members":{"type":"string","description_kind":"plain","optional":true},"who_can_modify_members":{"type":"string","description_kind":"plain","optional":true},"who_can_modify_tags_and_categories":{"type":"string","description_kind":"plain","optional":true},"who_can_move_topics_in":{"type":"string","description_kind":"plain","optional":true},"who_can_move_topics_out":{"type":"string","description_kind":"plain","optional":true},"who_can_post_announcements":{"type":"string","description_kind":"plain","optional":true},"who_can_post_message":{"type":"string","description_kind":"plain","optional":true},"who_can_take_topics":{"type":"string","description_kind":"plain","optional":true},"who_can_unassign_topic":{"type":"string","description_kind":"plain","optional":true},"who_can_unmark_favorite_reply_on_any_topic":{"type":"string","description_kind":"plain","optional":true},"who_can_view_group":{"type":"string","description_kind":"plain","optional":true},"who_can_view_membership":{"type":"string","description_kind":"plain","optional":true}},"description_kind":"plain"}},"gsuite_user":{"version":0,"block":{"attributes":{"2s_enforced":{"type":"bool","description_kind":"plain","computed":true},"2s_enrolled":{"type":"bool","description_kind":"plain","computed":true},"agreed_to_terms":{"type":"string","description_kind":"plain","computed":true},"aliases":{"type":["set","string"],"description_kind":"plain","optional":true},"creation_time":{"type":"string","description_kind":"plain","computed":true},"customer_id":{"type":"string","description_kind":"plain","computed":true},"deletion_time":{"type":"string","description_kind":"plain","optional":true},"etag":{"type":"string","description_kind":"plain","computed":true},"hash_function":{"type":"string","description_kind":"plain","optional":true},"id":{"type":"string","description_kind":"plain","optional":true,"computed":true},"include_in_global_list":{"type":"bool","description_kind":"plain","optional":true},"is_admin":{"type":"bool","description_kind":"plain","computed":true},"is_delegated_admin":{"type":"bool","description_kind":"plain","computed":true},"is_ip_whitelisted":{"type":"bool","description_kind":"plain","optional":true},"is_mailbox_setup":{"type":"bool","description_kind":"plain","computed":true},"is_suspended":{"type":"bool","description_kind":"plain","optional":true},"last_login_time":{"type":"string","description_kind":"plain","computed":true},"name":{"type":["map","string"],"description_kind":"plain","required":true},"org_unit_path":{"type":"string","description_kind":"plain","optional":true},"password":{"type":"string","description_kind":"plain","optional":true},"primary_email":{"type":"string","description_kind":"plain","required":true},"recovery_email":{"type":"string","description_kind":"plain","optional":true},"recovery_phone":{"type":"string","description_kind":"plain","optional":true},"suspension_reason":{"type":"string","description_kind":"plain","optional":true},"update_existing":{"type":"bool","description_kind":"plain","optional":true}},"block_types":{"custom_schema":{"nesting_mode":"list","block":{"attributes":{"name":{"type":"string","description_kind":"plain","required":true},"value":{"type":"string","description_kind":"plain","required":true}},"description_kind":"plain"}},"external_ids":{"nesting_mode":"list","block":{"attributes":{"custom_type":{"type":"string","description_kind":"plain","optional":true},"type":{"type":"string","description_kind":"plain","required":true},"value":{"type":"string","description_kind":"plain","required":true}},"description_kind":"plain"}},"organizations":{"nesting_mode":"list","block":{"attributes":{"cost_center":{"type":"string","description_kind":"plain","optional":true},"custom_type":{"type":"string","description_kind":"plain","optional":true},"department":{"type":"string","description_kind":"plain","optional":true},"description":{"type":"string","description_kind":"plain","optional":true},"domain":{"type":"string","description_kind":"plain","optional":true},"full_time_equivalent":{"type":"number","description_kind":"plain","optional":true},"location":{"type":"string","description_kind":"plain","optional":true},"name":{"type":"string","description_kind":"plain","optional":true},"primary":{"type":"bool","description_kind":"plain","optional":true},"symbol":{"type":"string","description_kind":"plain","optional":true},"title":{"type":"string","description_kind":"plain","optional":true},"type":{"type":"string","description_kind":"plain","optional":true}},"description_kind":"plain"}},"posix_accounts":{"nesting_mode":"list","block":{"attributes":{"account_id":{"type":"string","description_kind":"plain","computed":true},"gecos":{"type":"string","description_kind":"plain","optional":true},"gid":{"type":"number","description_kind":"plain","optional":true},"home_directory":{"type":"string","description_kind":"plain","optional":true},"primary":{"type":"bool","description_kind":"plain","optional":true},"shell":{"type":"string","description_kind":"plain","optional":true},"system_id":{"type":"string","description_kind":"plain","optional":true},"uid":{"type":"number","description_kind":"plain","optional":true},"username":{"type":"string","description_kind":"plain","optional":true}},"description_kind":"plain"}},"ssh_public_keys":{"nesting_mode":"list","block":{"attributes":{"expiration_time_usec":{"type":"number","description_kind":"plain","optional":true},"fingerprint":{"type":"string","description_kind":"plain","computed":true},"key":{"type":"string","description_kind":"plain","required":true}},"description_kind":"plain"}}},"description_kind":"plain"}},"gsuite_user_attributes":{"version":0,"block":{"attributes":{"id":{"type":"string","description_kind":"plain","optional":true,"computed":true},"primary_email":{"type":"string","description_kind":"plain","required":true}},"block_types":{"custom_schema":{"nesting_mode":"list","block":{"attributes":{"name":{"type":"string","description_kind":"plain","required":true},"value":{"type":"string","description_kind":"plain","required":true}},"description_kind":"plain"}}},"description_kind":"plain"}},"gsuite_user_schema":{"version":0,"block":{"attributes":{"display_name":{"type":"string","description_kind":"plain","optional":true,"computed":true},"id":{"type":"string","description_kind":"plain","optional":true,"computed":true},"schema_id":{"type":"string","description_kind":"plain","computed":true},"schema_name":{"type":"string","description_kind":"plain","required":true}},"block_types":{"field":{"nesting_mode":"list","block":{"attributes":{"display_name":{"type":"string","description_kind":"plain","optional":true,"computed":true},"field_name":{"type":"string","description_kind":"plain","required":true},"field_type":{"type":"string","description_kind":"plain","required":true},"indexed":{"type":"bool","description_kind":"plain","optional":true},"multi_valued":{"type":"bool","description_kind":"plain","optional":true},"range":{"type":["map","string"],"description_kind":"plain","optional":true},"read_access_type":{"type":"string","description_kind":"plain","optional":true}},"description_kind":"plain"},"min_items":1}},"description_kind":"plain"}}},"data_source_schemas":{"gsuite_group":{"version":0,"block":{"attributes":{"admin_created":{"type":"bool","description_kind":"plain","computed":true},"aliases":{"type":["list","string"],"description_kind":"plain","computed":true},"description":{"type":"string","description_kind":"plain","computed":true},"direct_members_count":{"type":"number","description_kind":"plain","computed":true},"email":{"type":"string","description_kind":"plain","required":true},"id":{"type":"string","description_kind":"plain","optional":true,"computed":true},"member":{"type":["set",["object",{"email":"string","etag":"string","kind":"string","role":"string","status":"string","type":"string"}]],"description_kind":"plain","computed":true},"name":{"type":"string","description_kind":"plain","computed":true},"non_editable_aliases":{"type":["list","string"],"description_kind":"plain","computed":true}},"description_kind":"plain"}},"gsuite_group_settings":{"version":0,"block":{"attributes":{"allow_external_members":{"type":"string","description_kind":"plain","computed":true},"allow_google_communication":{"type":"string","description_kind":"plain","computed":true},"allow_web_posting":{"type":"string","description_kind":"plain","computed":true},"archive_only":{"type":"string","description_kind":"plain","computed":true},"custom_footer_text":{"type":"string","description_kind":"plain","computed":true},"custom_reply_to":{"type":"string","description_kind":"plain","computed":true},"description":{"type":"string","description_kind":"plain","computed":true},"email":{"type":"string","description_kind":"plain","required":true},"favorite_replies_on_top":{"type":"string","description_kind":"plain","computed":true},"id":{"type":"string","description_kind":"plain","optional":true,"computed":true},"include_custom_footer":{"type":"string","description_kind":"plain","computed":true},"include_in_global_address_list":{"type":"string","description_kind":"plain","computed":true},"is_archived":{"type":"string","description_kind":"plain","computed":true},"kind":{"type":"string","description_kind":"plain","computed":true},"max_message_bytes":{"type":"number","description_kind":"plain","computed":true},"members_can_post_as_the_group":{"type":"string","description_kind":"plain","computed":true},"message_display_font":{"type":"string","description_kind":"plain","computed":true},"message_moderation_level":{"type":"string","description_kind":"plain","computed":true},"name":{"type":"string","description_kind":"plain","computed":true},"primary_language":{"type":"string","description_kind":"plain","computed":true},"reply_to":{"type":"string","description_kind":"plain","computed":true},"send_message_deny_notification":{"type":"string","description_kind":"plain","computed":true},"show_in_group_directory":{"type":"string","description_kind":"plain","computed":true},"spam_moderation_level":{"type":"string","description_kind":"plain","computed":true},"who_can_add":{"type":"string","description_kind":"plain","computed":true},"who_can_add_references":{"type":"string","description_kind":"plain","computed":true},"who_can_approve_members":{"type":"string","description_kind":"plain","computed":true},"who_can_approve_messages":{"type":"string","description_kind":"plain","computed":true},"who_can_assign_topics":{"type":"string","description_kind":"plain","computed":true},"who_can_assist_content":{"type":"string","description_kind":"plain","computed":true},"who_can_ban_users":{"type":"string","description_kind":"plain","computed":true},"who_can_contact_owner":{"type":"string","description_kind":"plain","computed":true},"who_can_delete_any_post":{"type":"string","description_kind":"plain","computed":true},"who_can_delete_topics":{"type":"string","description_kind":"plain","computed":true},"who_can_discover_group":{"type":"string","description_kind":"plain","computed":true},"who_can_enter_free_form_tags":{"type":"string","description_kind":"plain","computed":true},"who_can_hide_abuse":{"type":"string","description_kind":"plain","computed":true},"who_can_invite":{"type":"string","description_kind":"plain","computed":true},"who_can_join":{"type":"string","description_kind":"plain","computed":true},"who_can_leave_group":{"type":"string","description_kind":"plain","computed":true},"who_can_lock_topics":{"type":"string","description_kind":"plain","computed":true},"who_can_make_topics_sticky":{"type":"string","description_kind":"plain","computed":true},"who_can_mark_duplicate":{"type":"string","description_kind":"plain","computed":true},"who_can_mark_favorite_reply_on_any_topic":{"type":"string","description_kind":"plain","computed":true},"who_can_mark_favorite_reply_on_own_topic":{"type":"string","description_kind":"plain","computed":true},"who_can_mark_no_response_needed":{"type":"string","description_kind":"plain","computed":true},"who_can_moderate_content":{"type":"string","description_kind":"plain","computed":true},"who_can_moderate_members":{"type":"string","description_kind":"plain","computed":true},"who_can_modify_members":{"type":"string","description_kind":"plain","computed":true},"who_can_modify_tags_and_categories":{"type":"string","description_kind":"plain","computed":true},"who_can_move_topics_in":{"type":"string","description_kind":"plain","computed":true},"who_can_move_topics_out":{"type":"string","description_kind":"plain","computed":true},"who_can_post_announcements":{"type":"string","description_kind":"plain","computed":true},"who_can_post_message":{"type":"string","description_kind":"plain","computed":true},"who_can_take_topics":{"type":"string","description_kind":"plain","computed":true},"who_can_unassign_topic":{"type":"string","description_kind":"plain","computed":true},"who_can_unmark_favorite_reply_on_any_topic":{"type":"string","description_kind":"plain","computed":true},"who_can_view_group":{"type":"string","description_kind":"plain","computed":true},"who_can_view_membership":{"type":"string","description_kind":"plain","computed":true}},"description_kind":"plain"}},"gsuite_user":{"version":0,"block":{"attributes":{"2s_enforced":{"type":"bool","description_kind":"plain","computed":true},"2s_enrolled":{"type":"bool","description_kind":"plain","computed":true},"agreed_to_terms":{"type":"string","description_kind":"plain","computed":true},"aliases":{"type":["list","string"],"description_kind":"plain","computed":true},"change_password_next_login":{"type":"bool","description_kind":"plain","computed":true},"creation_time":{"type":"string","description_kind":"plain","computed":true},"custom_schema":{"type":["list",["object",{"name":"string","value":"string"}]],"description_kind":"plain","computed":true},"customer_id":{"type":"string","description_kind":"plain","computed":true},"deletion_time":{"type":"string","description_kind":"plain","computed":true},"etag":{"type":"string","description_kind":"plain","computed":true},"external_ids":{"type":["list",["object",{"custom_type":"string","type":"string","value":"string"}]],"description_kind":"plain","computed":true},"hash_function":{"type":"string","description_kind":"plain","computed":true},"id":{"type":"string","description_kind":"plain","optional":true,"computed":true},"include_in_global_list":{"type":"bool","description_kind":"plain","computed":true},"is_admin":{"type":"bool","description_kind":"plain","computed":true},"is_delegated_admin":{"type":"bool","description_kind":"plain","computed":true},"is_ip_whitelisted":{"type":"bool","description_kind":"plain","computed":true},"is_mailbox_setup":{"type":"bool","description_kind":"plain","computed":true},"is_suspended":{"type":"bool","description_kind":"plain","computed":true},"last_login_time":{"type":"string","description_kind":"plain","computed":true},"name":{"type":["map","string"],"description_kind":"plain","computed":true},"org_unit_path":{"type":"string","description_kind":"plain","computed":true},"organizations":{"type":["list",["object",{"cost_center":"string","custom_type":"string","department":"string","description":"string","domain":"string","full_time_equivalent":"number","location":"string","name":"string","primary":"bool","symbol":"string","title":"string","type":"string"}]],"description_kind":"plain","computed":true},"password":{"type":"string","description_kind":"plain","computed":true},"posix_accounts":{"type":["list",["object",{"account_id":"string","gecos":"string","gid":"number","home_directory":"string","primary":"bool","shell":"string","system_id":"string","uid":"number","username":"string"}]],"description_kind":"plain","computed":true},"primary_email":{"type":"string","description_kind":"plain","required":true},"recovery_email":{"type":"string","description_kind":"plain","computed":true},"recovery_phone":{"type":"string","description_kind":"plain","computed":true},"ssh_public_keys":{"type":["list",["object",{"expiration_time_usec":"number","fingerprint":"string","key":"string"}]],"description_kind":"plain","computed":true},"suspension_reason":{"type":"string","description_kind":"plain","computed":true}},"description_kind":"plain"}},"gsuite_user_attributes":{"version":0,"block":{"attributes":{"id":{"type":"string","description_kind":"plain","optional":true,"computed":true},"json":{"type":"string","description_kind":"plain","computed":true}},"block_types":{"bool":{"nesting_mode":"set","block":{"attributes":{"name":{"type":"string","description_kind":"plain","required":true},"value":{"type":"bool","description_kind":"plain","required":true}},"description_kind":"plain"}},"bools":{"nesting_mode":"set","block":{"attributes":{"name":{"type":"string","description_kind":"plain","required":true},"value":{"type":["list","bool"],"description_kind":"plain","required":true}},"description_kind":"plain"}},"date":{"nesting_mode":"set","block":{"attributes":{"name":{"type":"string","description_kind":"plain","required":true},"value":{"type":"string","description_kind":"plain","required":true}},"description_kind":"plain"}},"dates":{"nesting_mode":"set","block":{"attributes":{"name":{"type":"string","description_kind":"plain","required":true},"value":{"type":["list","string"],"description_kind":"plain","required":true}},"description_kind":"plain"}},"double":{"nesting_mode":"set","block":{"attributes":{"name":{"type":"string","description_kind":"plain","required":true},"value":{"type":"number","description_kind":"plain","required":true}},"description_kind":"plain"}},"doubles":{"nesting_mode":"set","block":{"attributes":{"name":{"type":"string","description_kind":"plain","required":true},"value":{"type":["list","number"],"description_kind":"plain","required":true}},"description_kind":"plain"}},"email":{"nesting_mode":"set","block":{"attributes":{"name":{"type":"string","description_kind":"plain","required":true},"value":{"type":"string","description_kind":"plain","required":true}},"description_kind":"plain"}},"emails":{"nesting_mode":"set","block":{"attributes":{"name":{"type":"string","description_kind":"plain","required":true},"value":{"type":["list","string"],"description_kind":"plain","required":true}},"description_kind":"plain"}},"integer":{"nesting_mode":"set","block":{"attributes":{"name":{"type":"string","description_kind":"plain","required":true},"value":{"type":"number","description_kind":"plain","required":true}},"description_kind":"plain"}},"integers":{"nesting_mode":"set","block":{"attributes":{"name":{"type":"string","description_kind":"plain","required":true},"value":{"type":["list","number"],"description_kind":"plain","required":true}},"description_kind":"plain"}},"phone":{"nesting_mode":"set","block":{"attributes":{"name":{"type":"string","description_kind":"plain","required":true},"value":{"type":"string","description_kind":"plain","required":true}},"description_kind":"plain"}},"phones":{"nesting_mode":"set","block":{"attributes":{"name":{"type":"string","description_kind":"plain","required":true},"value":{"type":["list","string"],"description_kind":"plain","required":true}},"description_kind":"plain"}},"string":{"nesting_mode":"set","block":{"attributes":{"name":{"type":"string","description_kind":"plain","required":true},"value":{"type":"string","description_kind":"plain","required":true}},"description_kind":"plain"}},"strings":{"nesting_mode":"set","block":{"attributes":{"name":{"type":"string","description_kind":"plain","required":true},"value":{"type":["list","string"],"description_kind":"plain","required":true}},"description_kind":"plain"}}},"description_kind":"plain"}}}}}}
