{"format_version":"0.2","provider_schemas":{"registry.terraform.io/devotedhealth/looker":{"provider":{"version":0,"block":{"attributes":{"api_version":{"type":"string","description_kind":"plain","optional":true},"base_url":{"type":"string","description":"Looker API Base URL","description_kind":"plain","required":true},"client_id":{"type":"string","description":"Client ID to authenticate with Looker","description_kind":"plain","required":true},"client_secret":{"type":"string","description":"Client Secret to authenticate with Looker","description_kind":"plain","required":true},"timeout":{"type":"number","description_kind":"plain","optional":true},"verify_ssl":{"type":"bool","description_kind":"plain","optional":true}},"description_kind":"plain"}},"resource_schemas":{"looker_group":{"version":0,"block":{"attributes":{"id":{"type":"string","description_kind":"plain","optional":true,"computed":true},"name":{"type":"string","description_kind":"plain","required":true}},"description_kind":"plain"}},"looker_model_set":{"version":0,"block":{"attributes":{"id":{"type":"string","description_kind":"plain","optional":true,"computed":true},"models":{"type":["set","string"],"description_kind":"plain","required":true},"name":{"type":"string","description_kind":"plain","required":true}},"description_kind":"plain"}},"looker_permission_set":{"version":0,"block":{"attributes":{"id":{"type":"string","description_kind":"plain","optional":true,"computed":true},"name":{"type":"string","description_kind":"plain","required":true},"permissions":{"type":["set","string"],"description_kind":"plain","required":true}},"description_kind":"plain"}},"looker_role":{"version":0,"block":{"attributes":{"id":{"type":"string","description_kind":"plain","optional":true,"computed":true},"model_set_id":{"type":"string","description_kind":"plain","required":true},"name":{"type":"string","description_kind":"plain","required":true},"permission_set_id":{"type":"string","description_kind":"plain","required":true}},"description_kind":"plain"}},"looker_role_groups":{"version":0,"block":{"attributes":{"group_ids":{"type":["set","string"],"description_kind":"plain","required":true},"id":{"type":"string","description_kind":"plain","optional":true,"computed":true},"role_id":{"type":"string","description_kind":"plain","required":true}},"description_kind":"plain"}},"looker_user":{"version":0,"block":{"attributes":{"email":{"type":"string","description_kind":"plain","required":true},"first_name":{"type":"string","description_kind":"plain","optional":true},"id":{"type":"string","description_kind":"plain","optional":true,"computed":true},"last_name":{"type":"string","description_kind":"plain","optional":true}},"description_kind":"plain"}},"looker_user_attribute":{"version":0,"block":{"attributes":{"id":{"type":"string","description_kind":"plain","optional":true,"computed":true},"label":{"type":"string","description_kind":"plain","required":true},"name":{"type":"string","description_kind":"plain","required":true},"type":{"type":"string","description_kind":"plain","required":true}},"description_kind":"plain"}},"looker_user_roles":{"version":0,"block":{"attributes":{"id":{"type":"string","description_kind":"plain","optional":true,"computed":true},"role_ids":{"type":["set","string"],"description_kind":"plain","required":true},"user_id":{"type":"string","description_kind":"plain","required":true}},"description_kind":"plain"}}}}}}
