{"format_version":"0.2","provider_schemas":{"registry.terraform.io/dhensby/azuredevops":{"provider":{"version":0,"block":{"attributes":{"org_service_url":{"type":"string","description":"The url of the Azure DevOps instance which should be used.","description_kind":"plain","optional":true},"personal_access_token":{"type":"string","description":"The personal access token which should be used.","description_kind":"plain","optional":true,"sensitive":true}},"description_kind":"plain"}},"resource_schemas":{"azuredevops_agent_pool":{"version":0,"block":{"attributes":{"auto_provision":{"type":"bool","description_kind":"plain","optional":true},"id":{"type":"string","description_kind":"plain","optional":true,"computed":true},"name":{"type":"string","description_kind":"plain","required":true},"pool_type":{"type":"string","description_kind":"plain","optional":true}},"description_kind":"plain"}},"azuredevops_agent_queue":{"version":0,"block":{"attributes":{"agent_pool_id":{"type":"number","description_kind":"plain","required":true},"id":{"type":"string","description_kind":"plain","optional":true,"computed":true},"project_id":{"type":"string","description_kind":"plain","required":true}},"description_kind":"plain"}},"azuredevops_area_permissions":{"version":0,"block":{"attributes":{"id":{"type":"string","description_kind":"plain","optional":true,"computed":true},"path":{"type":"string","description_kind":"plain","optional":true},"permissions":{"type":["map","string"],"description_kind":"plain","required":true},"principal":{"type":"string","description_kind":"plain","required":true},"project_id":{"type":"string","description_kind":"plain","required":true},"replace":{"type":"bool","description_kind":"plain","optional":true}},"description_kind":"plain"}},"azuredevops_branch_policy_auto_reviewers":{"version":0,"block":{"attributes":{"blocking":{"type":"bool","description_kind":"plain","optional":true},"enabled":{"type":"bool","description_kind":"plain","optional":true},"id":{"type":"string","description_kind":"plain","optional":true,"computed":true},"project_id":{"type":"string","description_kind":"plain","required":true}},"block_types":{"settings":{"nesting_mode":"list","block":{"attributes":{"auto_reviewer_ids":{"type":["list","string"],"description_kind":"plain","required":true},"message":{"type":"string","description_kind":"plain","optional":true},"path_filters":{"type":["list","string"],"description_kind":"plain","optional":true},"submitter_can_vote":{"type":"bool","description_kind":"plain","optional":true}},"block_types":{"scope":{"nesting_mode":"list","block":{"attributes":{"match_type":{"type":"string","description_kind":"plain","optional":true},"repository_id":{"type":"string","description_kind":"plain","optional":true},"repository_ref":{"type":"string","description_kind":"plain","optional":true}},"description_kind":"plain"},"min_items":1}},"description_kind":"plain"},"min_items":1,"max_items":1}},"description_kind":"plain"}},"azuredevops_branch_policy_build_validation":{"version":0,"block":{"attributes":{"blocking":{"type":"bool","description_kind":"plain","optional":true},"enabled":{"type":"bool","description_kind":"plain","optional":true},"id":{"type":"string","description_kind":"plain","optional":true,"computed":true},"project_id":{"type":"string","description_kind":"plain","required":true}},"block_types":{"settings":{"nesting_mode":"list","block":{"attributes":{"build_definition_id":{"type":"number","description_kind":"plain","required":true},"display_name":{"type":"string","description_kind":"plain","required":true},"filename_patterns":{"type":["set","string"],"description_kind":"plain","optional":true},"manual_queue_only":{"type":"bool","description_kind":"plain","optional":true},"queue_on_source_update_only":{"type":"bool","description_kind":"plain","optional":true},"valid_duration":{"type":"number","description_kind":"plain","optional":true}},"block_types":{"scope":{"nesting_mode":"list","block":{"attributes":{"match_type":{"type":"string","description_kind":"plain","optional":true},"repository_id":{"type":"string","description_kind":"plain","optional":true},"repository_ref":{"type":"string","description_kind":"plain","optional":true}},"description_kind":"plain"},"min_items":1}},"description_kind":"plain"},"min_items":1,"max_items":1}},"description_kind":"plain"}},"azuredevops_branch_policy_comment_resolution":{"version":0,"block":{"attributes":{"blocking":{"type":"bool","description_kind":"plain","optional":true},"enabled":{"type":"bool","description_kind":"plain","optional":true},"id":{"type":"string","description_kind":"plain","optional":true,"computed":true},"project_id":{"type":"string","description_kind":"plain","required":true}},"block_types":{"settings":{"nesting_mode":"list","block":{"block_types":{"scope":{"nesting_mode":"list","block":{"attributes":{"match_type":{"type":"string","description_kind":"plain","optional":true},"repository_id":{"type":"string","description_kind":"plain","optional":true},"repository_ref":{"type":"string","description_kind":"plain","optional":true}},"description_kind":"plain"},"min_items":1}},"description_kind":"plain"},"min_items":1,"max_items":1}},"description_kind":"plain"}},"azuredevops_branch_policy_min_reviewers":{"version":0,"block":{"attributes":{"blocking":{"type":"bool","description_kind":"plain","optional":true},"enabled":{"type":"bool","description_kind":"plain","optional":true},"id":{"type":"string","description_kind":"plain","optional":true,"computed":true},"project_id":{"type":"string","description_kind":"plain","required":true}},"block_types":{"settings":{"nesting_mode":"list","block":{"attributes":{"reviewer_count":{"type":"number","description_kind":"plain","required":true},"submitter_can_vote":{"type":"bool","description_kind":"plain","optional":true}},"block_types":{"scope":{"nesting_mode":"list","block":{"attributes":{"match_type":{"type":"string","description_kind":"plain","optional":true},"repository_id":{"type":"string","description_kind":"plain","optional":true},"repository_ref":{"type":"string","description_kind":"plain","optional":true}},"description_kind":"plain"},"min_items":1}},"description_kind":"plain"},"min_items":1,"max_items":1}},"description_kind":"plain"}},"azuredevops_branch_policy_work_item_linking":{"version":0,"block":{"attributes":{"blocking":{"type":"bool","description_kind":"plain","optional":true},"enabled":{"type":"bool","description_kind":"plain","optional":true},"id":{"type":"string","description_kind":"plain","optional":true,"computed":true},"project_id":{"type":"string","description_kind":"plain","required":true}},"block_types":{"settings":{"nesting_mode":"list","block":{"block_types":{"scope":{"nesting_mode":"list","block":{"attributes":{"match_type":{"type":"string","description_kind":"plain","optional":true},"repository_id":{"type":"string","description_kind":"plain","optional":true},"repository_ref":{"type":"string","description_kind":"plain","optional":true}},"description_kind":"plain"},"min_items":1}},"description_kind":"plain"},"min_items":1,"max_items":1}},"description_kind":"plain"}},"azuredevops_build_definition":{"version":0,"block":{"attributes":{"agent_pool_name":{"type":"string","description_kind":"plain","optional":true},"id":{"type":"string","description_kind":"plain","optional":true,"computed":true},"name":{"type":"string","description_kind":"plain","optional":true},"path":{"type":"string","description_kind":"plain","optional":true},"project_id":{"type":"string","description_kind":"plain","required":true},"revision":{"type":"number","description_kind":"plain","computed":true},"variable_groups":{"type":["set","number"],"description_kind":"plain","optional":true}},"block_types":{"ci_trigger":{"nesting_mode":"list","block":{"attributes":{"use_yaml":{"type":"bool","description_kind":"plain","optional":true}},"block_types":{"override":{"nesting_mode":"list","block":{"attributes":{"batch":{"type":"bool","description_kind":"plain","optional":true},"max_concurrent_builds_per_branch":{"type":"number","description_kind":"plain","optional":true},"polling_interval":{"type":"number","description_kind":"plain","optional":true},"polling_job_id":{"type":"string","description_kind":"plain","computed":true}},"block_types":{"branch_filter":{"nesting_mode":"set","block":{"attributes":{"exclude":{"type":["set","string"],"description_kind":"plain","optional":true},"include":{"type":["set","string"],"description_kind":"plain","optional":true}},"description_kind":"plain"}},"path_filter":{"nesting_mode":"set","block":{"attributes":{"exclude":{"type":["set","string"],"description_kind":"plain","optional":true},"include":{"type":["set","string"],"description_kind":"plain","optional":true}},"description_kind":"plain"}}},"description_kind":"plain"},"max_items":1}},"description_kind":"plain"},"max_items":1},"pull_request_trigger":{"nesting_mode":"list","block":{"attributes":{"comment_required":{"type":"string","description_kind":"plain","optional":true},"initial_branch":{"type":"string","description_kind":"plain","optional":true},"use_yaml":{"type":"bool","description_kind":"plain","optional":true}},"block_types":{"forks":{"nesting_mode":"list","block":{"attributes":{"enabled":{"type":"bool","description_kind":"plain","required":true},"share_secrets":{"type":"bool","description_kind":"plain","required":true}},"description_kind":"plain"},"min_items":1,"max_items":1},"override":{"nesting_mode":"list","block":{"attributes":{"auto_cancel":{"type":"bool","description_kind":"plain","optional":true}},"block_types":{"branch_filter":{"nesting_mode":"set","block":{"attributes":{"exclude":{"type":["set","string"],"description_kind":"plain","optional":true},"include":{"type":["set","string"],"description_kind":"plain","optional":true}},"description_kind":"plain"}},"path_filter":{"nesting_mode":"set","block":{"attributes":{"exclude":{"type":["set","string"],"description_kind":"plain","optional":true},"include":{"type":["set","string"],"description_kind":"plain","optional":true}},"description_kind":"plain"}}},"description_kind":"plain"},"max_items":1}},"description_kind":"plain"},"max_items":1},"repository":{"nesting_mode":"list","block":{"attributes":{"branch_name":{"type":"string","description_kind":"plain","optional":true},"github_enterprise_url":{"type":"string","description_kind":"plain","optional":true},"repo_id":{"type":"string","description_kind":"plain","required":true},"repo_type":{"type":"string","description_kind":"plain","required":true},"report_build_status":{"type":"bool","description_kind":"plain","optional":true},"service_connection_id":{"type":"string","description_kind":"plain","optional":true},"yml_path":{"type":"string","description_kind":"plain","required":true}},"description_kind":"plain"},"min_items":1,"max_items":1},"variable":{"nesting_mode":"set","block":{"attributes":{"allow_override":{"type":"bool","description_kind":"plain","optional":true},"is_secret":{"type":"bool","description_kind":"plain","optional":true},"name":{"type":"string","description_kind":"plain","required":true},"secret_value":{"type":"string","description_kind":"plain","optional":true,"sensitive":true},"value":{"type":"string","description_kind":"plain","optional":true}},"description_kind":"plain"}}},"description_kind":"plain"}},"azuredevops_git_permissions":{"version":0,"block":{"attributes":{"branch_name":{"type":"string","description_kind":"plain","optional":true},"id":{"type":"string","description_kind":"plain","optional":true,"computed":true},"permissions":{"type":["map","string"],"description_kind":"plain","required":true},"principal":{"type":"string","description_kind":"plain","required":true},"project_id":{"type":"string","description_kind":"plain","required":true},"replace":{"type":"bool","description_kind":"plain","optional":true},"repository_id":{"type":"string","description_kind":"plain","optional":true}},"description_kind":"plain"}},"azuredevops_git_repository":{"version":0,"block":{"attributes":{"default_branch":{"type":"string","description_kind":"plain","optional":true,"computed":true},"id":{"type":"string","description_kind":"plain","optional":true,"computed":true},"is_fork":{"type":"bool","description_kind":"plain","computed":true},"name":{"type":"string","description_kind":"plain","required":true},"parent_repository_id":{"type":"string","description_kind":"plain","optional":true},"project_id":{"type":"string","description_kind":"plain","required":true},"remote_url":{"type":"string","description_kind":"plain","computed":true},"size":{"type":"number","description_kind":"plain","computed":true},"ssh_url":{"type":"string","description_kind":"plain","computed":true},"url":{"type":"string","description_kind":"plain","computed":true},"web_url":{"type":"string","description_kind":"plain","computed":true}},"block_types":{"initialization":{"nesting_mode":"set","block":{"attributes":{"init_type":{"type":"string","description_kind":"plain","required":true},"source_type":{"type":"string","description_kind":"plain","optional":true},"source_url":{"type":"string","description_kind":"plain","optional":true}},"description_kind":"plain"},"min_items":1,"max_items":1}},"description_kind":"plain"}},"azuredevops_group":{"version":0,"block":{"attributes":{"description":{"type":"string","description_kind":"plain","optional":true},"descriptor":{"type":"string","description_kind":"plain","computed":true},"display_name":{"type":"string","description_kind":"plain","optional":true,"computed":true},"domain":{"type":"string","description_kind":"plain","computed":true},"id":{"type":"string","description_kind":"plain","optional":true,"computed":true},"mail":{"type":"string","description_kind":"plain","optional":true,"computed":true},"members":{"type":["set","string"],"description_kind":"plain","optional":true,"computed":true},"origin":{"type":"string","description_kind":"plain","computed":true},"origin_id":{"type":"string","description_kind":"plain","optional":true,"computed":true},"principal_name":{"type":"string","description_kind":"plain","computed":true},"scope":{"type":"string","description_kind":"plain","optional":true},"subject_kind":{"type":"string","description_kind":"plain","computed":true},"url":{"type":"string","description_kind":"plain","computed":true}},"description_kind":"plain"}},"azuredevops_group_membership":{"version":0,"block":{"attributes":{"group":{"type":"string","description_kind":"plain","required":true},"id":{"type":"string","description_kind":"plain","optional":true,"computed":true},"members":{"type":["set","string"],"description_kind":"plain","required":true},"mode":{"type":"string","description_kind":"plain","optional":true}},"description_kind":"plain"}},"azuredevops_iteration_permissions":{"version":0,"block":{"attributes":{"id":{"type":"string","description_kind":"plain","optional":true,"computed":true},"path":{"type":"string","description_kind":"plain","optional":true},"permissions":{"type":["map","string"],"description_kind":"plain","required":true},"principal":{"type":"string","description_kind":"plain","required":true},"project_id":{"type":"string","description_kind":"plain","required":true},"replace":{"type":"bool","description_kind":"plain","optional":true}},"description_kind":"plain"}},"azuredevops_project":{"version":0,"block":{"attributes":{"description":{"type":"string","description_kind":"plain","optional":true},"features":{"type":["map","string"],"description_kind":"plain","optional":true},"id":{"type":"string","description_kind":"plain","optional":true,"computed":true},"name":{"type":"string","description_kind":"plain","required":true},"process_template_id":{"type":"string","description_kind":"plain","computed":true},"version_control":{"type":"string","description_kind":"plain","optional":true},"visibility":{"type":"string","description_kind":"plain","optional":true},"work_item_template":{"type":"string","description_kind":"plain","optional":true}},"description_kind":"plain"}},"azuredevops_project_features":{"version":0,"block":{"attributes":{"features":{"type":["map","string"],"description_kind":"plain","required":true},"id":{"type":"string","description_kind":"plain","optional":true,"computed":true},"project_id":{"type":"string","description_kind":"plain","required":true}},"description_kind":"plain"}},"azuredevops_project_permissions":{"version":0,"block":{"attributes":{"id":{"type":"string","description_kind":"plain","optional":true,"computed":true},"permissions":{"type":["map","string"],"description_kind":"plain","required":true},"principal":{"type":"string","description_kind":"plain","required":true},"project_id":{"type":"string","description_kind":"plain","required":true},"replace":{"type":"bool","description_kind":"plain","optional":true}},"description_kind":"plain"}},"azuredevops_resource_authorization":{"version":0,"block":{"attributes":{"authorized":{"type":"bool","description":"indicates whether the resource is authorized for use","description_kind":"plain","required":true},"definition_id":{"type":"number","description":"id of the build definition","description_kind":"plain","optional":true},"id":{"type":"string","description_kind":"plain","optional":true,"computed":true},"project_id":{"type":"string","description_kind":"plain","required":true},"resource_id":{"type":"string","description":"id of the resource","description_kind":"plain","required":true},"type":{"type":"string","description":"type of the resource","description_kind":"plain","optional":true}},"description_kind":"plain"}},"azuredevops_serviceendpoint_aws":{"version":0,"block":{"attributes":{"access_key_id":{"type":"string","description":"The AWS access key ID for signing programmatic requests.","description_kind":"plain","required":true},"authorization":{"type":["map","string"],"description_kind":"plain","optional":true,"computed":true},"description":{"type":"string","description_kind":"plain","optional":true},"external_id":{"type":"string","description":"A unique identifier that is used by third parties when assuming roles in their customers' accounts, aka cross-account role access.","description_kind":"plain","optional":true},"id":{"type":"string","description_kind":"plain","optional":true,"computed":true},"project_id":{"type":"string","description_kind":"plain","required":true},"role_session_name":{"type":"string","description":"Optional identifier for the assumed role session.","description_kind":"plain","optional":true},"role_to_assume":{"type":"string","description":"The Amazon Resource Name (ARN) of the role to assume.","description_kind":"plain","optional":true},"secret_access_key":{"type":"string","description":"The AWS secret access key for signing programmatic requests.","description_kind":"plain","required":true,"sensitive":true},"secret_access_key_hash":{"type":"string","description":"A bcrypted hash of the attribute 'secret_access_key'","description_kind":"plain","computed":true,"sensitive":true},"service_endpoint_name":{"type":"string","description_kind":"plain","required":true},"session_token":{"type":"string","description":"The AWS session token for signing programmatic requests.","description_kind":"plain","optional":true,"sensitive":true},"session_token_hash":{"type":"string","description":"A bcrypted hash of the attribute 'session_token'","description_kind":"plain","computed":true,"sensitive":true}},"description_kind":"plain"}},"azuredevops_serviceendpoint_azurecr":{"version":0,"block":{"attributes":{"authorization":{"type":["map","string"],"description_kind":"plain","optional":true,"computed":true},"azurecr_name":{"type":"string","description":"The AzureContainerRegistry registry which should be used.","description_kind":"plain","required":true},"azurecr_spn_tenantid":{"type":"string","description":"The service principal tenant id which should be used.","description_kind":"plain","required":true},"azurecr_subscription_id":{"type":"string","description":"The Azure subscription Id which should be used.","description_kind":"plain","required":true},"azurecr_subscription_name":{"type":"string","description":"The Azure subscription name which should be used.","description_kind":"plain","required":true},"description":{"type":"string","description_kind":"plain","optional":true},"id":{"type":"string","description_kind":"plain","optional":true,"computed":true},"project_id":{"type":"string","description_kind":"plain","required":true},"resource_group":{"type":"string","description":"Scope Resource Group","description_kind":"plain","required":true},"service_endpoint_name":{"type":"string","description_kind":"plain","required":true}},"description_kind":"plain"}},"azuredevops_serviceendpoint_azurerm":{"version":0,"block":{"attributes":{"authorization":{"type":["map","string"],"description_kind":"plain","optional":true,"computed":true},"azurerm_spn_tenantid":{"type":"string","description":"The service principal tenant id which should be used.","description_kind":"plain","required":true},"azurerm_subscription_id":{"type":"string","description":"The Azure subscription Id which should be used.","description_kind":"plain","required":true},"azurerm_subscription_name":{"type":"string","description":"The Azure subscription name which should be used.","description_kind":"plain","required":true},"description":{"type":"string","description_kind":"plain","optional":true},"id":{"type":"string","description_kind":"plain","optional":true,"computed":true},"project_id":{"type":"string","description_kind":"plain","required":true},"resource_group":{"type":"string","description":"Scope Resource Group","description_kind":"plain","optional":true},"service_endpoint_name":{"type":"string","description_kind":"plain","required":true}},"block_types":{"credentials":{"nesting_mode":"list","block":{"attributes":{"serviceprincipalid":{"type":"string","description":"The service principal id which should be used.","description_kind":"plain","required":true},"serviceprincipalkey":{"type":"string","description":"The service principal secret which should be used.","description_kind":"plain","required":true,"sensitive":true},"serviceprincipalkey_hash":{"type":"string","description":"A bcrypted hash of the attribute 'serviceprincipalkey'","description_kind":"plain","computed":true,"sensitive":true}},"description_kind":"plain"},"max_items":1}},"description_kind":"plain"}},"azuredevops_serviceendpoint_bitbucket":{"version":0,"block":{"attributes":{"authorization":{"type":["map","string"],"description_kind":"plain","optional":true,"computed":true},"description":{"type":"string","description_kind":"plain","optional":true},"id":{"type":"string","description_kind":"plain","optional":true,"computed":true},"password":{"type":"string","description":"The bitbucket password whi|ch should be used.","description_kind":"plain","required":true,"sensitive":true},"password_hash":{"type":"string","description":"A bcrypted hash of the attribute 'password'","description_kind":"plain","computed":true,"sensitive":true},"project_id":{"type":"string","description_kind":"plain","required":true},"service_endpoint_name":{"type":"string","description_kind":"plain","required":true},"username":{"type":"string","description":"The bitbucket username which should be used.","description_kind":"plain","required":true}},"description_kind":"plain"}},"azuredevops_serviceendpoint_dockerregistry":{"version":0,"block":{"attributes":{"authorization":{"type":["map","string"],"description_kind":"plain","optional":true,"computed":true},"description":{"type":"string","description_kind":"plain","optional":true},"docker_email":{"type":"string","description":"The DockerRegistry email address which should be used.","description_kind":"plain","optional":true},"docker_password":{"type":"string","description":"The DockerRegistry password which should be used.","description_kind":"plain","optional":true,"sensitive":true},"docker_password_hash":{"type":"string","description":"A bcrypted hash of the attribute 'docker_password'","description_kind":"plain","computed":true,"sensitive":true},"docker_registry":{"type":"string","description":"The DockerRegistry registry which should be used.","description_kind":"plain","optional":true},"docker_username":{"type":"string","description":"The DockerRegistry username which should be used.","description_kind":"plain","optional":true},"id":{"type":"string","description_kind":"plain","optional":true,"computed":true},"project_id":{"type":"string","description_kind":"plain","required":true},"registry_type":{"type":"string","description_kind":"plain","optional":true},"service_endpoint_name":{"type":"string","description_kind":"plain","required":true}},"description_kind":"plain"}},"azuredevops_serviceendpoint_github":{"version":0,"block":{"attributes":{"authorization":{"type":["map","string"],"description_kind":"plain","optional":true,"computed":true},"description":{"type":"string","description_kind":"plain","optional":true},"id":{"type":"string","description_kind":"plain","optional":true,"computed":true},"project_id":{"type":"string","description_kind":"plain","required":true},"service_endpoint_name":{"type":"string","description_kind":"plain","required":true}},"block_types":{"auth_oauth":{"nesting_mode":"set","block":{"attributes":{"oauth_configuration_id":{"type":"string","description_kind":"plain","required":true}},"description_kind":"plain"},"max_items":1},"auth_personal":{"nesting_mode":"set","block":{"attributes":{"personal_access_token":{"type":"string","description":"The GitHub personal access token which should be used.","description_kind":"plain","required":true,"sensitive":true},"personal_access_token_hash":{"type":"string","description":"A bcrypted hash of the attribute 'personal_access_token'","description_kind":"plain","computed":true,"sensitive":true}},"description_kind":"plain"},"max_items":1}},"description_kind":"plain"}},"azuredevops_serviceendpoint_kubernetes":{"version":0,"block":{"attributes":{"apiserver_url":{"type":"string","description":"URL to Kubernete's API-Server","description_kind":"plain","required":true},"authorization":{"type":["map","string"],"description_kind":"plain","optional":true,"computed":true},"authorization_type":{"type":"string","description":"Type of credentials to use","description_kind":"plain","required":true},"description":{"type":"string","description_kind":"plain","optional":true},"id":{"type":"string","description_kind":"plain","optional":true,"computed":true},"project_id":{"type":"string","description_kind":"plain","required":true},"service_endpoint_name":{"type":"string","description_kind":"plain","required":true}},"block_types":{"azure_subscription":{"nesting_mode":"set","block":{"attributes":{"azure_environment":{"type":"string","description":"type of azure cloud: AzureCloud","description_kind":"plain","optional":true},"cluster_name":{"type":"string","description":"name of aks-resource","description_kind":"plain","required":true},"namespace":{"type":"string","description":"accessed namespace","description_kind":"plain","optional":true},"resourcegroup_id":{"type":"string","description":"id of resourcegroup","description_kind":"plain","required":true},"subscription_id":{"type":"string","description":"id of azure subscription","description_kind":"plain","required":true},"subscription_name":{"type":"string","description":"name of azure subscription","description_kind":"plain","required":true},"tenant_id":{"type":"string","description":"id of aad-tenant","description_kind":"plain","required":true}},"description":"'AzureSubscription'-type of configuration","description_kind":"plain"}},"kubeconfig":{"nesting_mode":"set","block":{"attributes":{"accept_untrusted_certs":{"type":"bool","description":"Enable this if your authentication uses untrusted certificates","description_kind":"plain","optional":true},"cluster_context":{"type":"string","description":"Context of your cluster","description_kind":"plain","optional":true},"kube_config":{"type":"string","description":"Content of the kubeconfig file. The configuration information in your kubeconfig file allows Kubernetes clients to talk to your Kubernetes API servers. This file is used by kubectl and all supported Kubernetes clients.","description_kind":"plain","required":true,"sensitive":true},"kube_config_hash":{"type":"string","description":"A bcrypted hash of the attribute 'kube_config'","description_kind":"plain","computed":true,"sensitive":true}},"description":"'Kubeconfig'-type of configuration","description_kind":"plain"}},"service_account":{"nesting_mode":"set","block":{"attributes":{"ca_cert":{"type":"string","description":"Secret cert","description_kind":"plain","required":true,"sensitive":true},"ca_cert_hash":{"type":"string","description":"A bcrypted hash of the attribute 'ca_cert'","description_kind":"plain","computed":true,"sensitive":true},"token":{"type":"string","description":"Secret token","description_kind":"plain","required":true,"sensitive":true},"token_hash":{"type":"string","description":"A bcrypted hash of the attribute 'token'","description_kind":"plain","computed":true,"sensitive":true}},"description":"'ServiceAccount'-type of configuration","description_kind":"plain"}}},"description_kind":"plain"}},"azuredevops_user_entitlement":{"version":0,"block":{"attributes":{"account_license_type":{"type":"string","description_kind":"plain","optional":true},"descriptor":{"type":"string","description_kind":"plain","computed":true},"id":{"type":"string","description_kind":"plain","optional":true,"computed":true},"licensing_source":{"type":"string","description_kind":"plain","optional":true},"origin":{"type":"string","description_kind":"plain","optional":true,"computed":true},"origin_id":{"type":"string","description_kind":"plain","optional":true,"computed":true},"principal_name":{"type":"string","description_kind":"plain","optional":true,"computed":true}},"description_kind":"plain"}},"azuredevops_variable_group":{"version":0,"block":{"attributes":{"allow_access":{"type":"bool","description_kind":"plain","optional":true},"description":{"type":"string","description_kind":"plain","optional":true},"id":{"type":"string","description_kind":"plain","optional":true,"computed":true},"name":{"type":"string","description_kind":"plain","required":true},"project_id":{"type":"string","description_kind":"plain","required":true}},"block_types":{"key_vault":{"nesting_mode":"list","block":{"attributes":{"name":{"type":"string","description_kind":"plain","required":true},"service_endpoint_id":{"type":"string","description_kind":"plain","required":true}},"description_kind":"plain"},"max_items":1},"variable":{"nesting_mode":"set","block":{"attributes":{"content_type":{"type":"string","description_kind":"plain","computed":true},"enabled":{"type":"bool","description_kind":"plain","computed":true},"expires":{"type":"string","description_kind":"plain","computed":true},"is_secret":{"type":"bool","description_kind":"plain","optional":true},"name":{"type":"string","description_kind":"plain","required":true},"secret_value":{"type":"string","description_kind":"plain","optional":true,"sensitive":true},"value":{"type":"string","description_kind":"plain","optional":true}},"description_kind":"plain"},"min_items":1}},"description_kind":"plain"}},"azuredevops_workitemquery_permissions":{"version":0,"block":{"attributes":{"id":{"type":"string","description_kind":"plain","optional":true,"computed":true},"path":{"type":"string","description_kind":"plain","optional":true},"permissions":{"type":["map","string"],"description_kind":"plain","required":true},"principal":{"type":"string","description_kind":"plain","required":true},"project_id":{"type":"string","description_kind":"plain","required":true},"replace":{"type":"bool","description_kind":"plain","optional":true}},"description_kind":"plain"}}},"data_source_schemas":{"azuredevops_agent_pool":{"version":0,"block":{"attributes":{"auto_provision":{"type":"bool","description_kind":"plain","computed":true},"id":{"type":"string","description_kind":"plain","optional":true,"computed":true},"name":{"type":"string","description_kind":"plain","required":true},"pool_type":{"type":"string","description_kind":"plain","computed":true}},"description_kind":"plain"}},"azuredevops_agent_pools":{"version":0,"block":{"attributes":{"agent_pools":{"type":["list",["object",{"auto_provision":"bool","id":"number","name":"string","pool_type":"string"}]],"description_kind":"plain","computed":true},"id":{"type":"string","description_kind":"plain","optional":true,"computed":true}},"description_kind":"plain"}},"azuredevops_agent_queue":{"version":0,"block":{"attributes":{"agent_pool_id":{"type":"number","description_kind":"plain","computed":true},"id":{"type":"string","description_kind":"plain","optional":true,"computed":true},"name":{"type":"string","description_kind":"plain","required":true},"project_id":{"type":"string","description_kind":"plain","required":true}},"description_kind":"plain"}},"azuredevops_area":{"version":0,"block":{"attributes":{"children":{"type":["list",["object",{"has_children":"bool","id":"string","name":"string","path":"string","project_id":"string"}]],"description_kind":"plain","computed":true},"fetch_children":{"type":"bool","description_kind":"plain","optional":true},"has_children":{"type":"bool","description_kind":"plain","computed":true},"id":{"type":"string","description_kind":"plain","optional":true,"computed":true},"name":{"type":"string","description_kind":"plain","computed":true},"path":{"type":"string","description_kind":"plain","optional":true,"computed":true},"project_id":{"type":"string","description_kind":"plain","required":true}},"description_kind":"plain"}},"azuredevops_client_config":{"version":0,"block":{"attributes":{"id":{"type":"string","description_kind":"plain","optional":true,"computed":true},"organization_url":{"type":"string","description_kind":"plain","computed":true}},"description_kind":"plain"}},"azuredevops_git_repositories":{"version":0,"block":{"attributes":{"id":{"type":"string","description_kind":"plain","optional":true,"computed":true},"include_hidden":{"type":"bool","description_kind":"plain","optional":true},"name":{"type":"string","description_kind":"plain","optional":true},"project_id":{"type":"string","description_kind":"plain","optional":true},"repositories":{"type":["list",["object",{"default_branch":"string","id":"string","name":"string","project_id":"string","remote_url":"string","size":"number","ssh_url":"string","url":"string","web_url":"string"}]],"description_kind":"plain","computed":true}},"description_kind":"plain"}},"azuredevops_git_repository":{"version":0,"block":{"attributes":{"default_branch":{"type":"string","description_kind":"plain","computed":true},"id":{"type":"string","description_kind":"plain","optional":true,"computed":true},"is_fork":{"type":"bool","description_kind":"plain","computed":true},"name":{"type":"string","description_kind":"plain","required":true},"project_id":{"type":"string","description_kind":"plain","required":true},"remote_url":{"type":"string","description_kind":"plain","computed":true},"size":{"type":"number","description_kind":"plain","computed":true},"ssh_url":{"type":"string","description_kind":"plain","computed":true},"url":{"type":"string","description_kind":"plain","computed":true},"web_url":{"type":"string","description_kind":"plain","computed":true}},"description_kind":"plain"}},"azuredevops_group":{"version":0,"block":{"attributes":{"descriptor":{"type":"string","description_kind":"plain","computed":true},"id":{"type":"string","description_kind":"plain","optional":true,"computed":true},"name":{"type":"string","description_kind":"plain","required":true},"origin":{"type":"string","description_kind":"plain","computed":true},"origin_id":{"type":"string","description_kind":"plain","computed":true},"project_id":{"type":"string","description_kind":"plain","optional":true}},"description_kind":"plain"}},"azuredevops_iteration":{"version":0,"block":{"attributes":{"children":{"type":["list",["object",{"has_children":"bool","id":"string","name":"string","path":"string","project_id":"string"}]],"description_kind":"plain","computed":true},"fetch_children":{"type":"bool","description_kind":"plain","optional":true},"has_children":{"type":"bool","description_kind":"plain","computed":true},"id":{"type":"string","description_kind":"plain","optional":true,"computed":true},"name":{"type":"string","description_kind":"plain","computed":true},"path":{"type":"string","description_kind":"plain","optional":true,"computed":true},"project_id":{"type":"string","description_kind":"plain","required":true}},"description_kind":"plain"}},"azuredevops_project":{"version":0,"block":{"attributes":{"description":{"type":"string","description_kind":"plain","computed":true},"features":{"type":["map","string"],"description_kind":"plain","computed":true},"id":{"type":"string","description_kind":"plain","optional":true,"computed":true},"name":{"type":"string","description_kind":"plain","optional":true},"process_template_id":{"type":"string","description_kind":"plain","computed":true},"project_id":{"type":"string","description_kind":"plain","optional":true},"version_control":{"type":"string","description_kind":"plain","computed":true},"visibility":{"type":"string","description_kind":"plain","computed":true},"work_item_template":{"type":"string","description_kind":"plain","computed":true}},"description_kind":"plain"}},"azuredevops_projects":{"version":0,"block":{"attributes":{"id":{"type":"string","description_kind":"plain","optional":true,"computed":true},"name":{"type":"string","description_kind":"plain","optional":true},"projects":{"type":["set",["object",{"name":"string","project_id":"string","project_url":"string","state":"string"}]],"description_kind":"plain","computed":true},"state":{"type":"string","description_kind":"plain","optional":true}},"description_kind":"plain"}},"azuredevops_users":{"version":0,"block":{"attributes":{"id":{"type":"string","description_kind":"plain","optional":true,"computed":true},"origin":{"type":"string","description_kind":"plain","optional":true},"origin_id":{"type":"string","description_kind":"plain","optional":true},"principal_name":{"type":"string","description_kind":"plain","optional":true},"subject_types":{"type":["set","string"],"description_kind":"plain","optional":true},"users":{"type":["set",["object",{"descriptor":"string","display_name":"string","mail_address":"string","origin":"string","origin_id":"string","principal_name":"string"}]],"description_kind":"plain","computed":true}},"description_kind":"plain"}}}}}}
