{"format_version":"0.2","provider_schemas":{"registry.terraform.io/dimensiondataresearch/ddcloud":{"provider":{"version":0,"block":{"attributes":{"allow_server_reboot":{"type":"bool","description":"Allow rebooting of ddcloud_server instances (e.g. for adding / removing NICs)?","description_kind":"plain","optional":true},"cloudcontrol_endpoint":{"type":"string","description":"The base URL of a custom target end-point for the Dimension Data CloudControl API.","description_kind":"plain","optional":true},"password":{"type":"string","description":"The password used to authenticate to the Dimension Data CloudControl API (if not specified, then the MCP_PASSWORD environment variable will be used).","description_kind":"plain","optional":true,"sensitive":true},"region":{"type":"string","description":"The region code that identifies the target end-point for the Dimension Data CloudControl API.","description_kind":"plain","optional":true},"retry_delay":{"type":"number","description":"The maximum delay, in seconds, between retries of operations that fail due to a RESOURCE_BUSY response from CloudControl.","description_kind":"plain","optional":true},"retry_timeout":{"type":"number","description":"The number of seconds before retrying an operation times out.","description_kind":"plain","optional":true},"username":{"type":"string","description":"The user name used to authenticate to the Dimension Data CloudControl API (if not specified, then the MCP_USER environment variable will be used).","description_kind":"plain","optional":true}},"description_kind":"plain"}},"resource_schemas":{"ddcloud_address":{"version":0,"block":{"attributes":{"addresslist_name":{"type":"string","description":"The Name of the address list","description_kind":"plain","required":true},"begin":{"type":"string","description":"The address or starting address for an address range","description_kind":"plain","optional":true},"end":{"type":"string","description":"The end address for an address range","description_kind":"plain","optional":true},"id":{"type":"string","description_kind":"plain","optional":true,"computed":true},"network":{"type":"string","description":"The base address for an IP network","description_kind":"plain","optional":true},"networkdomain":{"type":"string","description":"The Id of the network domain in which the address applies","description_kind":"plain","required":true},"prefix_size":{"type":"number","description":"The prefix size for an IP network","description_kind":"plain","optional":true}},"description_kind":"plain"}},"ddcloud_address_list":{"version":0,"block":{"attributes":{"addresses":{"type":["set","string"],"description":"Simple IP addresses included in the address list","description_kind":"plain","optional":true},"child_lists":{"type":["set","string"],"description":"The Ids of child address lists included in the address list","description_kind":"plain","optional":true},"description":{"type":"string","description":"A description for the firewall rule","description_kind":"plain","optional":true},"id":{"type":"string","description_kind":"plain","optional":true,"computed":true},"ip_version":{"type":"string","description":"The IP version (IPv4 or IPv6) used by the address list","description_kind":"plain","required":true},"name":{"type":"string","description":"A name for the address list","description_kind":"plain","required":true},"networkdomain":{"type":"string","description":"The Id of the network domain in which the address list rule applies","description_kind":"plain","required":true}},"block_types":{"address":{"nesting_mode":"list","block":{"attributes":{"begin":{"type":"string","description":"The address or starting address for an address range","description_kind":"plain","optional":true},"end":{"type":"string","description":"The end address for an address range","description_kind":"plain","optional":true},"network":{"type":"string","description":"The base address for an IP network","description_kind":"plain","optional":true},"prefix_size":{"type":"number","description":"The prefix size for an IP network","description_kind":"plain","optional":true}},"description_kind":"plain"}}},"description_kind":"plain"}},"ddcloud_firewall_rule":{"version":0,"block":{"attributes":{"action":{"type":"string","description":"The action performed by the firewall rule","description_kind":"plain","required":true},"destination_address":{"type":"string","description":"The destination IP address to be matched by the rule","description_kind":"plain","optional":true},"destination_address_list":{"type":"string","description":"The Id of the destination IP address list to be matched by the rule","description_kind":"plain","optional":true},"destination_network":{"type":"string","description":"The destination IP network to be matched by the rule","description_kind":"plain","optional":true},"destination_port":{"type":"string","description":"The destination port to be matched by the rule","description_kind":"plain","optional":true},"destination_port_list":{"type":"string","description":"The Id of the destination port list to be matched by the rule","description_kind":"plain","optional":true},"enabled":{"type":"bool","description":"Is the firewall rule enabled","description_kind":"plain","optional":true},"id":{"type":"string","description_kind":"plain","optional":true,"computed":true},"ip_version":{"type":"string","description":"The IP version to which the firewall rule applies","description_kind":"plain","required":true},"name":{"type":"string","description":"A name for the firewall rule","description_kind":"plain","required":true},"networkdomain":{"type":"string","description":"The Id of the network domain to which the firewall rule applies","description_kind":"plain","required":true},"placement":{"type":"string","description":"Where in the firewall ACL this particular rule will be created","description_kind":"plain","optional":true},"placement_relative_to":{"type":"string","description":"When placement is 'before' or 'after', specifies the name of the firewall rule to which the placement instruction refers","description_kind":"plain","optional":true},"protocol":{"type":"string","description":"The protocol to which the rule applies","description_kind":"plain","required":true},"source_address":{"type":"string","description":"The source IP address to be matched by the rule","description_kind":"plain","optional":true},"source_address_list":{"type":"string","description":"The Id of the source IP address list to be matched by the rule","description_kind":"plain","optional":true},"source_network":{"type":"string","description":"The source IP network to be matched by the rule","description_kind":"plain","optional":true},"source_port":{"type":"string","description":"The source port to be matched by the rule","description_kind":"plain","optional":true},"source_port_list":{"type":"string","description":"The Id of the source port list to be matched by the rule","description_kind":"plain","optional":true}},"description_kind":"plain"}},"ddcloud_ip_address_reservation":{"version":0,"block":{"attributes":{"address":{"type":"string","description":"The reserved IP address.","description_kind":"plain","required":true},"address_type":{"type":"string","description":"The reserved IP address type ('ipv4' or 'ipv6').","description_kind":"plain","required":true},"description":{"type":"string","description":"The description reserved IP address.","description_kind":"plain","optional":true},"id":{"type":"string","description_kind":"plain","optional":true,"computed":true},"vlan":{"type":"string","description":"The Id of the VLAN in which the IP address is reserved.","description_kind":"plain","required":true}},"description_kind":"plain"}},"ddcloud_nat":{"version":0,"block":{"attributes":{"id":{"type":"string","description_kind":"plain","optional":true,"computed":true},"networkdomain":{"type":"string","description":"The Id of the network domain that the NAT rule applies to.","description_kind":"plain","required":true},"private_ipv4":{"type":"string","description":"The private (internal) IPv4 address.","description_kind":"plain","required":true},"public_ipv4":{"type":"string","description":"The public (external) IPv4 address.","description_kind":"plain","optional":true,"computed":true}},"description_kind":"plain"}},"ddcloud_network_adapter":{"version":0,"block":{"attributes":{"id":{"type":"string","description_kind":"plain","optional":true,"computed":true},"ipv4":{"type":"string","description":"Private IPV4 address for the nic","description_kind":"plain","optional":true,"computed":true},"ipv6":{"type":"string","description":"Private IPV6 Address for the nic","description_kind":"plain","computed":true},"server":{"type":"string","description":"ID of the server to which the additional nics needs to be updated","description_kind":"plain","required":true},"type":{"type":"string","description":"The type of network adapter (E1000 or VMXNET3)","description_kind":"plain","optional":true},"vlan":{"type":"string","description":"VLAN ID of the nic","description_kind":"plain","optional":true,"computed":true}},"description_kind":"plain"}},"ddcloud_networkdomain":{"version":0,"block":{"attributes":{"datacenter":{"type":"string","description":"The Id of the MCP 2.0 datacenter in which the network domain is created","description_kind":"plain","required":true},"description":{"type":"string","description":"A description for the network domain","description_kind":"plain","optional":true},"id":{"type":"string","description_kind":"plain","optional":true,"computed":true},"name":{"type":"string","description":"A name for the network domain","description_kind":"plain","required":true},"nat_ipv4_address":{"type":"string","description":"The IPv4 address for the network domain's IPv6-\u003eIPv4 Source Network Address Translation (SNAT). This is the IPv4 address of the network domain's IPv4 egress","description_kind":"plain","computed":true},"outside_transit_ipv4_subnet":{"type":"string","description":"The IPv4 subnet for transit outside of the network domain","description_kind":"plain","computed":true},"plan":{"type":"string","description":"The plan (service level) for the network domain (ESSENTIALS or ADVANCED)","description_kind":"plain","optional":true}},"block_types":{"default_firewall_rule":{"nesting_mode":"set","block":{"attributes":{"enabled":{"type":"bool","description":"Is the firewall rule enabled","description_kind":"plain","required":true},"type":{"type":"string","description":"The type of default firewall rule (without the 'CCDefault.' prefix)","description_kind":"plain","required":true}},"description_kind":"plain"}}},"description_kind":"plain"}},"ddcloud_port_list":{"version":0,"block":{"attributes":{"child_lists":{"type":["set","string"],"description":"The Ids of child port lists included in the port list","description_kind":"plain","optional":true},"description":{"type":"string","description":"A description for the firewall rule","description_kind":"plain","optional":true},"id":{"type":"string","description_kind":"plain","optional":true,"computed":true},"name":{"type":"string","description":"A name for the port list","description_kind":"plain","required":true},"networkdomain":{"type":"string","description":"The Id of the network domain in which the port list rule applies","description_kind":"plain","required":true},"ports":{"type":["set","number"],"description":"Simple ports included in the port list","description_kind":"plain","optional":true}},"block_types":{"port":{"nesting_mode":"list","block":{"attributes":{"begin":{"type":"number","description":"The port (or starting port, for a port range)","description_kind":"plain","required":true},"end":{"type":"number","description":"The ending port (for a port range","description_kind":"plain","optional":true}},"description_kind":"plain"}}},"description_kind":"plain"}},"ddcloud_server":{"version":5,"block":{"attributes":{"admin_password":{"type":"string","description":"The initial administrative password (if applicable) for the deployed server","description_kind":"plain","optional":true,"sensitive":true},"auto_start":{"type":"bool","description":"Should the server be started automatically once it has been deployed","description_kind":"plain","optional":true},"backup_client_urls":{"type":["map","string"],"description":"Download URLs for the server's backup clients (if any)","description_kind":"plain","computed":true},"backup_enabled":{"type":"bool","description":"Is cloud backup enabled for the server","description_kind":"plain","computed":true},"cores_per_cpu":{"type":"number","description":"The number of cores per CPU allocated to the server","description_kind":"plain","optional":true,"computed":true},"cpu_count":{"type":"number","description":"The number of CPUs allocated to the server","description_kind":"plain","optional":true,"computed":true},"cpu_speed":{"type":"string","description":"The speed (quality-of-service) for CPUs allocated to the server","description_kind":"plain","optional":true,"computed":true},"customer_image_id":{"type":"string","description":"The Id of the customer (custom) image from which the server is created","description_kind":"plain","optional":true},"customer_image_name":{"type":"string","description":"The name of the customer (custom) image from which the server is created","description_kind":"plain","optional":true},"description":{"type":"string","description":"A description for the server","description_kind":"plain","optional":true},"dns_primary":{"type":"string","description":"The IP address of the server's primary DNS server","description_kind":"plain","optional":true},"dns_secondary":{"type":"string","description":"The IP address of the server's secondary DNS server","description_kind":"plain","optional":true},"id":{"type":"string","description_kind":"plain","optional":true,"computed":true},"image":{"type":"string","description":"The name or Id of the image from which the server is created","description_kind":"plain","required":true},"image_type":{"type":"string","description":"The type of image from which the server is created (default is auto-detect)","description_kind":"plain","optional":true},"memory_gb":{"type":"number","description":"The amount of memory (in GB) allocated to the server","description_kind":"plain","optional":true,"computed":true},"name":{"type":"string","description":"A name for the server","description_kind":"plain","required":true},"networkdomain":{"type":"string","description":"The Id of the network domain in which the server is deployed","description_kind":"plain","required":true},"os_family":{"type":"string","description":"The server operating system family","description_kind":"plain","computed":true},"os_image_id":{"type":"string","description":"The Id of the OS (built-in) image from which the server is created","description_kind":"plain","optional":true},"os_image_name":{"type":"string","description":"The name of the OS (built-in) image from which the server is created","description_kind":"plain","optional":true},"os_type":{"type":"string","description":"The server operating system type","description_kind":"plain","computed":true},"power_state":{"type":"string","description":"Start or shutdown a server. If set to start upon server creation it will Auto Start the server","description_kind":"plain","optional":true},"primary_adapter_ipv4":{"type":"string","description":"The IPv4 address for the server's primary network adapter","description_kind":"plain","computed":true},"primary_adapter_ipv6":{"type":"string","description":"The IPv6 address of the server's primary network adapter","description_kind":"plain","computed":true},"primary_adapter_type":{"type":"string","description":"The type of the server's primary network adapter (E1000 or VMXNET3)","description_kind":"plain","computed":true},"primary_adapter_vlan":{"type":"string","description":"The Id of the VLAN to which the server's primary network adapter will be attached (the first available IPv4 address will be allocated)","description_kind":"plain","computed":true},"public_ipv4":{"type":"string","description":"The server's public IPv4 address (if any)","description_kind":"plain","computed":true},"started":{"type":"bool","description":"Is the server currently running","description_kind":"plain","computed":true}},"block_types":{"additional_network_adapter":{"nesting_mode":"list","block":{"attributes":{"id":{"type":"string","description":"The network adapter's identifier in CloudControl","description_kind":"plain","computed":true},"ipv4":{"type":"string","description":"The IPV4 address associated with the network adapter","description_kind":"plain","optional":true,"computed":true},"ipv6":{"type":"string","description":"The IPV6 Address associated the network adapter","description_kind":"plain","optional":true,"computed":true},"mac":{"type":"string","description":"The network adapter's MAC address","description_kind":"plain","computed":true},"type":{"type":"string","description":"The type of network adapter (E1000 or VMXNET3)","description_kind":"plain","optional":true,"computed":true},"vlan":{"type":"string","description":"VLAN ID of the network adapter","description_kind":"plain","optional":true,"computed":true}},"description_kind":"plain"}},"disk":{"nesting_mode":"list","block":{"attributes":{"id":{"type":"string","description":"The CloudControl identifier for the virtual disk (computed when the disk is first created)","description_kind":"plain","computed":true},"iops":{"type":"number","description":"The disk IOPS","description_kind":"plain","optional":true},"scsi_bus_number":{"type":"number","description":"The SCSI bus number for the disk","description_kind":"plain","computed":true},"scsi_unit_id":{"type":"number","description":"The SCSI Logical Unit Number (LUN) for the disk","description_kind":"plain","required":true},"size_gb":{"type":"number","description":"The size (in GB) of the disk","description_kind":"plain","required":true},"speed":{"type":"string","description":"The disk speed","description_kind":"plain","optional":true}},"description_kind":"plain"}},"primary_network_adapter":{"nesting_mode":"list","block":{"attributes":{"id":{"type":"string","description":"The network adapter's identifier in CloudControl","description_kind":"plain","computed":true},"ipv4":{"type":"string","description":"The IPV4 address associated with the network adapter","description_kind":"plain","optional":true,"computed":true},"ipv6":{"type":"string","description":"The IPV6 Address associated the network adapter","description_kind":"plain","optional":true,"computed":true},"mac":{"type":"string","description":"The network adapter's MAC address","description_kind":"plain","computed":true},"type":{"type":"string","description":"The type of network adapter (E1000 or VMXNET3)","description_kind":"plain","optional":true,"computed":true},"vlan":{"type":"string","description":"VLAN ID of the network adapter","description_kind":"plain","optional":true,"computed":true}},"description_kind":"plain"},"min_items":1,"max_items":1},"tag":{"nesting_mode":"set","block":{"attributes":{"name":{"type":"string","description":"The tag name","description_kind":"plain","required":true},"value":{"type":"string","description":"The tag value","description_kind":"plain","required":true}},"description_kind":"plain"}}},"description_kind":"plain"}},"ddcloud_server_anti_affinity":{"version":0,"block":{"attributes":{"id":{"type":"string","description_kind":"plain","optional":true,"computed":true},"networkdomain":{"type":"string","description":"The Id of the network domain in which the anti-affinity rule applies.","description_kind":"plain","computed":true},"server1":{"type":"string","description":"The Id of the first server that the anti-affinity rule relates to.","description_kind":"plain","required":true},"server1_name":{"type":"string","description":"The name of the first server that the anti-affinity rule relates to.","description_kind":"plain","computed":true},"server2":{"type":"string","description":"The Id of the second server that the anti-affinity rule relates to.","description_kind":"plain","required":true},"server2_name":{"type":"string","description":"The name of the second server that the anti-affinity rule relates to.","description_kind":"plain","computed":true}},"description_kind":"plain"}},"ddcloud_server_backup":{"version":1,"block":{"attributes":{"asset_id":{"type":"string","description":"The server's Cloud Backup asset Id","description_kind":"plain","computed":true},"id":{"type":"string","description_kind":"plain","optional":true,"computed":true},"server":{"type":"string","description":"The Id of the target server","description_kind":"plain","required":true},"service_plan":{"type":"string","description":"The backup service plan","description_kind":"plain","required":true}},"block_types":{"client":{"nesting_mode":"list","block":{"attributes":{"description":{"type":"string","description":"A description of the backup client","description_kind":"plain","computed":true},"download_url":{"type":"string","description":"The backup client's download URL","description_kind":"plain","computed":true},"id":{"type":"string","description":"The backup client's Id","description_kind":"plain","computed":true},"schedule_policy":{"type":"string","description":"The name of the backup client's assigned schedule policy","description_kind":"plain","required":true},"status":{"type":"string","description":"The backup client's current status","description_kind":"plain","computed":true},"storage_policy":{"type":"string","description":"The name of the backup client's assigned storage policy","description_kind":"plain","required":true},"type":{"type":"string","description":"The backup client type","description_kind":"plain","required":true}},"block_types":{"alert":{"nesting_mode":"list","block":{"attributes":{"emails":{"type":["list","string"],"description":"If alerts are enabled, the email address to which alerts will be sent","description_kind":"plain","optional":true},"trigger":{"type":"string","description":"If alerts are enabled, one of 'ON_FAILURE', 'ON_SUCCESS', 'ON_SUCCESS_OR_FAILURE'","description_kind":"plain","optional":true}},"description_kind":"plain"},"max_items":1}},"description_kind":"plain"}}},"description_kind":"plain"}},"ddcloud_ssl_certificate_chain":{"version":0,"block":{"attributes":{"chain":{"type":"string","description":"The certificate chain (in PEM format).","description_kind":"plain","required":true},"description":{"type":"string","description":"A description of the SSL certificate chain.","description_kind":"plain","optional":true},"id":{"type":"string","description_kind":"plain","optional":true,"computed":true},"name":{"type":"string","description":"The name of the SSL certificate chain.","description_kind":"plain","required":true},"networkdomain":{"type":"string","description":"The Id of the network domain in which the SSL certificate chain will be used for SSL offload.","description_kind":"plain","required":true}},"description_kind":"plain"}},"ddcloud_ssl_domain_certificate":{"version":0,"block":{"attributes":{"certificate":{"type":"string","description":"The certificate (in PEM format).","description_kind":"plain","required":true},"description":{"type":"string","description":"A description of the SSL domain certificate.","description_kind":"plain","optional":true},"id":{"type":"string","description_kind":"plain","optional":true,"computed":true},"name":{"type":"string","description":"The name of the SSL domain certificate.","description_kind":"plain","required":true},"networkdomain":{"type":"string","description":"The Id of the network domain in which the SSL domain certificate will be used for SSL offload.","description_kind":"plain","required":true},"private_key":{"type":"string","description":"The certificate's private key (in PEM format).","description_kind":"plain","required":true,"sensitive":true}},"description_kind":"plain"}},"ddcloud_ssl_offload_profile":{"version":0,"block":{"attributes":{"certificate":{"type":"string","description":"The Id of the SSL domain certificate to use.","description_kind":"plain","required":true},"chain":{"type":"string","description":"The Id of the SSL certificate chain to use.","description_kind":"plain","required":true},"ciphers":{"type":"string","description":"The SSL ciphers use.","description_kind":"plain","optional":true,"computed":true},"description":{"type":"string","description":"A description of the SSL-offload profile.","description_kind":"plain","optional":true},"id":{"type":"string","description_kind":"plain","optional":true,"computed":true},"name":{"type":"string","description":"The name of the SSL-offload profile.","description_kind":"plain","required":true},"networkdomain":{"type":"string","description":"The Id of the network domain in which the SSL-offload profile will be create.","description_kind":"plain","required":true}},"description_kind":"plain"}},"ddcloud_static_route":{"version":0,"block":{"attributes":{"data_center":{"type":"string","description":"Data center where Static Route reside","description_kind":"plain","computed":true},"description":{"type":"string","description":"Description for static route","description_kind":"plain","optional":true},"destination_network_address":{"type":"string","description":"Destination address","description_kind":"plain","required":true},"destination_prefix_size":{"type":"number","description":"Integer prefix defining the size of the network","description_kind":"plain","required":true},"id":{"type":"string","description_kind":"plain","optional":true,"computed":true},"ip_version":{"type":"string","description":"Either IPv4 or IPv6","description_kind":"plain","required":true},"name":{"type":"string","description":"A name for static route","description_kind":"plain","required":true},"networkdomain":{"type":"string","description":"Network domain ID","description_kind":"plain","required":true},"next_hop_address":{"type":"string","description":"Gateway address in the form of an INET gateway, CPNC gateway or an address on an Attached VLAN in the same Network Domain","description_kind":"plain","required":true},"overwrite_system_default":{"type":"bool","description":"Overwrite existing static route if a matching address space found. This attribute is intended to overwrite system default static route. It will delete matching a system default route if found and create a client static route","description_kind":"plain","optional":true},"state":{"type":"string","description":"State of Static Route","description_kind":"plain","computed":true}},"description_kind":"plain"}},"ddcloud_storage_controller":{"version":1,"block":{"attributes":{"adapter_type":{"type":"string","description":"The type of storage adapter used to represent the controller","description_kind":"plain","optional":true},"id":{"type":"string","description_kind":"plain","optional":true,"computed":true},"scsi_bus_number":{"type":"number","description":"The controller's SCSI bus number","description_kind":"plain","required":true},"server":{"type":"string","description":"The Id of the server that the controller is attached to","description_kind":"plain","required":true}},"block_types":{"disk":{"nesting_mode":"list","block":{"attributes":{"id":{"type":"string","description":"The CloudControl identifier for the virtual disk (computed when the disk is first created)","description_kind":"plain","computed":true},"iops":{"type":"number","description":"The disk IOPS","description_kind":"plain","optional":true},"scsi_bus_number":{"type":"number","description":"The SCSI bus number for the disk","description_kind":"plain","computed":true},"scsi_unit_id":{"type":"number","description":"The SCSI Logical Unit Number (LUN) for the disk","description_kind":"plain","required":true},"size_gb":{"type":"number","description":"The size (in GB) of the disk","description_kind":"plain","required":true},"speed":{"type":"string","description":"The disk speed","description_kind":"plain","optional":true}},"description_kind":"plain"}}},"description_kind":"plain"}},"ddcloud_vip_node":{"version":0,"block":{"attributes":{"connection_limit":{"type":"number","description":"The number of active connections that the node supports","description_kind":"plain","optional":true},"connection_rate_limit":{"type":"number","description":"The number of connections per second that the node supports","description_kind":"plain","optional":true},"description":{"type":"string","description":"A description for the VIP node","description_kind":"plain","optional":true},"health_monitor":{"type":"string","description":"The Name of the VIP node's associated health monitor (if any)","description_kind":"plain","optional":true},"health_monitor_id":{"type":"string","description":"The Id of the VIP node's associated health monitor (if any)","description_kind":"plain","optional":true,"computed":true},"id":{"type":"string","description_kind":"plain","optional":true,"computed":true},"ipv4_address":{"type":"string","description":"The VIP node's IPv4 address","description_kind":"plain","optional":true},"ipv6_address":{"type":"string","description":"The VIP node's IPv6 address","description_kind":"plain","optional":true},"name":{"type":"string","description":"A name for the VIP node","description_kind":"plain","required":true},"networkdomain":{"type":"string","description":"The Id of the network domain in which the VIP node is created","description_kind":"plain","required":true},"status":{"type":"string","description":"The VIP node status","description_kind":"plain","optional":true}},"description_kind":"plain"}},"ddcloud_vip_pool":{"version":0,"block":{"attributes":{"description":{"type":"string","description":"A description of the VIP pool","description_kind":"plain","optional":true},"health_monitors":{"type":["set","string"],"description_kind":"plain","optional":true},"health_monitors_id":{"type":["set","string"],"description_kind":"plain","optional":true,"computed":true},"id":{"type":"string","description_kind":"plain","optional":true,"computed":true},"load_balance_method":{"type":"string","description":"The load-balancing method used by the VIP pool","description_kind":"plain","optional":true},"name":{"type":"string","description":"A name for the VIP pool","description_kind":"plain","required":true},"networkdomain":{"type":"string","description_kind":"plain","required":true},"service_down_action":{"type":"string","description_kind":"plain","optional":true},"slow_ramp_time":{"type":"number","description_kind":"plain","required":true}},"description_kind":"plain"}},"ddcloud_vip_pool_member":{"version":0,"block":{"attributes":{"id":{"type":"string","description_kind":"plain","optional":true,"computed":true},"node":{"type":"string","description_kind":"plain","required":true},"node_name":{"type":"string","description_kind":"plain","computed":true},"pool":{"type":"string","description_kind":"plain","required":true},"pool_name":{"type":"string","description_kind":"plain","computed":true},"port":{"type":"number","description_kind":"plain","optional":true},"status":{"type":"string","description_kind":"plain","optional":true}},"description_kind":"plain"}},"ddcloud_virtual_listener":{"version":0,"block":{"attributes":{"connection_limit":{"type":"number","description_kind":"plain","optional":true},"connection_rate_limit":{"type":"number","description_kind":"plain","optional":true},"description":{"type":"string","description_kind":"plain","optional":true},"enabled":{"type":"bool","description_kind":"plain","optional":true},"id":{"type":"string","description_kind":"plain","optional":true,"computed":true},"ipv4":{"type":"string","description_kind":"plain","optional":true,"computed":true},"irules":{"type":["set","string"],"description_kind":"plain","optional":true},"name":{"type":"string","description_kind":"plain","required":true},"networkdomain":{"type":"string","description_kind":"plain","required":true},"optimization_profile":{"type":"string","description_kind":"plain","optional":true},"persistence_profile":{"type":"string","description_kind":"plain","optional":true},"pool":{"type":"string","description_kind":"plain","optional":true},"port":{"type":"number","description_kind":"plain","optional":true},"protocol":{"type":"string","description_kind":"plain","required":true},"source_port_preservation":{"type":"string","description_kind":"plain","optional":true},"ssl_offload_profile":{"type":"string","description_kind":"plain","optional":true},"type":{"type":"string","description_kind":"plain","optional":true}},"description_kind":"plain"}},"ddcloud_vlan":{"version":0,"block":{"attributes":{"attached_vlan_gateway_addressing":{"type":"string","description":"A String literal LOW or HIGH.","description_kind":"plain","optional":true},"description":{"type":"string","description":"The VLAN description.","description_kind":"plain","optional":true},"detached_vlan_gateway_address":{"type":"string","description":"IPv4 Address representation of the desired IPv4 Gateway.","description_kind":"plain","optional":true},"id":{"type":"string","description_kind":"plain","optional":true,"computed":true},"ipv4_base_address":{"type":"string","description":"The VLAN's private IPv4 base address.","description_kind":"plain","required":true},"ipv4_gateway_address":{"type":"string","description":"The VLAN's IPv4 Gateway Address","description_kind":"plain","computed":true},"ipv4_prefix_size":{"type":"number","description":"The VLAN's private IPv4 prefix length.","description_kind":"plain","required":true},"ipv6_base_address":{"type":"string","description":"The VLAN's IPv6 base address.","description_kind":"plain","computed":true},"ipv6_gateway_address":{"type":"string","description":"The VLAN's IPv6 Gateway Address","description_kind":"plain","computed":true},"ipv6_prefix_size":{"type":"number","description":"The VLAN's IPv6 prefix length.","description_kind":"plain","computed":true},"name":{"type":"string","description":"The VLAN display name.","description_kind":"plain","required":true},"networkdomain":{"type":"string","description":"The Id of the network domain in which the VLAN is deployed.","description_kind":"plain","required":true}},"block_types":{"tag":{"nesting_mode":"set","block":{"attributes":{"name":{"type":"string","description":"The tag name","description_kind":"plain","required":true},"value":{"type":"string","description":"The tag value","description_kind":"plain","required":true}},"description_kind":"plain"}}},"description_kind":"plain"}}},"data_source_schemas":{"ddcloud_addresslist":{"version":0,"block":{"attributes":{"description":{"type":"string","description":"A description for the firewall rule","description_kind":"plain","computed":true},"id":{"type":"string","description_kind":"plain","optional":true,"computed":true},"ip_version":{"type":"string","description":"The IP version (IPv4 or IPv6) used by the address list","description_kind":"plain","computed":true},"name":{"type":"string","description":"A name for the address list","description_kind":"plain","required":true},"networkdomain":{"type":"string","description":"The Id of the network domain in which the address list rule applies","description_kind":"plain","required":true}},"description_kind":"plain"}},"ddcloud_networkdomain":{"version":0,"block":{"attributes":{"datacenter":{"type":"string","description":"The Id of the MCP 2.0 datacenter in which the network domain is located","description_kind":"plain","required":true},"description":{"type":"string","description":"The network domain description","description_kind":"plain","computed":true},"id":{"type":"string","description_kind":"plain","optional":true,"computed":true},"name":{"type":"string","description":"The name of the network domain","description_kind":"plain","required":true},"nat_ipv4_address":{"type":"string","description":"The IPv4 address for the network domain's IPv6-\u003eIPv4 Source Network Address Translation (SNAT). This is the IPv4 address of the network domain's IPv4 egress","description_kind":"plain","computed":true},"outside_transit_ipv4_subnet":{"type":"string","description":"The IPv4 subnet for transit outside of the network domain","description_kind":"plain","computed":true},"plan":{"type":"string","description":"The plan (service level) for the network domain (ESSENTIALS or ADVANCED)","description_kind":"plain","computed":true}},"description_kind":"plain"}},"ddcloud_pfx":{"version":0,"block":{"attributes":{"certificate":{"type":"string","description":"The (first) certificate in the PFX file","description_kind":"plain","computed":true},"file":{"type":"string","description":"The name of the PFX file","description_kind":"plain","required":true},"id":{"type":"string","description_kind":"plain","optional":true,"computed":true},"password":{"type":"string","description":"The password for the PFX file","description_kind":"plain","required":true,"sensitive":true},"private_key":{"type":"string","description":"The (first) private key in the PFX file","description_kind":"plain","computed":true,"sensitive":true}},"description_kind":"plain"}},"ddcloud_vlan":{"version":0,"block":{"attributes":{"description":{"type":"string","description":"A description of the VLAN","description_kind":"plain","computed":true},"id":{"type":"string","description_kind":"plain","optional":true,"computed":true},"ipv4_base_address":{"type":"string","description":"The VLAN's private IPv4 base address.","description_kind":"plain","computed":true},"ipv4_gateway_address":{"type":"string","description":"The VLAN's IPv4 Gateway Address","description_kind":"plain","computed":true},"ipv4_prefix_size":{"type":"number","description":"The VLAN's private IPv4 prefix length.","description_kind":"plain","computed":true},"ipv6_base_address":{"type":"string","description":"The VLAN's IPv6 base address.","description_kind":"plain","computed":true},"ipv6_gateway_address":{"type":"string","description":"The VLAN's IPv6 Gateway Address","description_kind":"plain","computed":true},"ipv6_prefix_size":{"type":"number","description":"The VLAN's IPv6 prefix length.","description_kind":"plain","computed":true},"name":{"type":"string","description":"The name of the target VLAN","description_kind":"plain","required":true},"networkdomain":{"type":"string","description":"The Id of the network domain that contains the target VLAN","description_kind":"plain","required":true}},"description_kind":"plain"}}}}}}
