{"format_version":"0.2","provider_schemas":{"registry.terraform.io/disaster37/kibana":{"provider":{"version":0,"block":{"attributes":{"cacert_files":{"type":["set","string"],"description":"A Custom CA certificates path","description_kind":"plain","optional":true},"insecure":{"type":"bool","description":"Disable SSL verification of API calls","description_kind":"plain","optional":true},"password":{"type":"string","description":"Password to use to connect to Kibana using basic auth","description_kind":"plain","optional":true},"retry":{"type":"number","description":"Nummber time it retry connexion before failed","description_kind":"plain","optional":true},"url":{"type":"string","description":"Kibana URL","description_kind":"plain","required":true},"username":{"type":"string","description":"Username to use to connect to Kibana using basic auth","description_kind":"plain","optional":true},"wait_before_retry":{"type":"number","description":"Wait time in second before retry connexion","description_kind":"plain","optional":true}},"description_kind":"plain"}},"resource_schemas":{"kibana_copy_object":{"version":0,"block":{"attributes":{"force_update":{"type":"bool","description_kind":"plain","optional":true,"computed":true},"id":{"type":"string","description_kind":"plain","optional":true,"computed":true},"include_reference":{"type":"bool","description_kind":"plain","optional":true},"name":{"type":"string","description_kind":"plain","required":true},"overwrite":{"type":"bool","description_kind":"plain","optional":true},"source_space":{"type":"string","description_kind":"plain","optional":true},"target_spaces":{"type":["set","string"],"description_kind":"plain","required":true}},"block_types":{"object":{"nesting_mode":"set","block":{"attributes":{"id":{"type":"string","description_kind":"plain","required":true},"type":{"type":"string","description_kind":"plain","required":true}},"description_kind":"plain"},"min_items":1}},"description_kind":"plain"}},"kibana_logstash_pipeline":{"version":0,"block":{"attributes":{"description":{"type":"string","description_kind":"plain","optional":true},"id":{"type":"string","description_kind":"plain","optional":true,"computed":true},"name":{"type":"string","description_kind":"plain","required":true},"pipeline":{"type":"string","description_kind":"plain","required":true},"settings":{"type":["map","string"],"description_kind":"plain","optional":true},"username":{"type":"string","description_kind":"plain","computed":true}},"description_kind":"plain"}},"kibana_object":{"version":0,"block":{"attributes":{"data":{"type":"string","description_kind":"plain","required":true},"deep_reference":{"type":"bool","description_kind":"plain","optional":true},"export_types":{"type":["set","string"],"description_kind":"plain","optional":true},"id":{"type":"string","description_kind":"plain","optional":true,"computed":true},"name":{"type":"string","description_kind":"plain","required":true},"space":{"type":"string","description_kind":"plain","optional":true}},"block_types":{"export_objects":{"nesting_mode":"set","block":{"attributes":{"id":{"type":"string","description_kind":"plain","required":true},"type":{"type":"string","description_kind":"plain","required":true}},"description_kind":"plain"}}},"description_kind":"plain"}},"kibana_role":{"version":0,"block":{"attributes":{"id":{"type":"string","description_kind":"plain","optional":true,"computed":true},"metadata":{"type":"string","description_kind":"plain","optional":true},"name":{"type":"string","description_kind":"plain","required":true}},"block_types":{"elasticsearch":{"nesting_mode":"set","block":{"attributes":{"cluster":{"type":["set","string"],"description_kind":"plain","optional":true},"run_as":{"type":["set","string"],"description_kind":"plain","optional":true}},"block_types":{"indices":{"nesting_mode":"set","block":{"attributes":{"field_security":{"type":"string","description_kind":"plain","optional":true},"names":{"type":["set","string"],"description_kind":"plain","required":true},"privileges":{"type":["set","string"],"description_kind":"plain","required":true},"query":{"type":"string","description_kind":"plain","optional":true}},"description_kind":"plain"}}},"description_kind":"plain"}},"kibana":{"nesting_mode":"set","block":{"attributes":{"base":{"type":["set","string"],"description_kind":"plain","optional":true},"spaces":{"type":["set","string"],"description_kind":"plain","required":true}},"block_types":{"features":{"nesting_mode":"set","block":{"attributes":{"name":{"type":"string","description_kind":"plain","required":true},"permissions":{"type":["set","string"],"description_kind":"plain","required":true}},"description_kind":"plain"}}},"description_kind":"plain"},"max_items":1}},"description_kind":"plain"}},"kibana_user_space":{"version":0,"block":{"attributes":{"color":{"type":"string","description_kind":"plain","optional":true},"description":{"type":"string","description_kind":"plain","optional":true},"disabled_features":{"type":["set","string"],"description_kind":"plain","optional":true},"id":{"type":"string","description_kind":"plain","optional":true,"computed":true},"initials":{"type":"string","description_kind":"plain","optional":true},"name":{"type":"string","description_kind":"plain","required":true}},"description_kind":"plain"}}}}}}
