{"format_version":"0.2","provider_schemas":{"registry.terraform.io/dj-wasabi/bitbucket":{"provider":{"version":0,"block":{"attributes":{"password":{"type":"string","description_kind":"plain","required":true},"username":{"type":"string","description_kind":"plain","required":true}},"description_kind":"plain"}},"resource_schemas":{"bitbucket_branch_restriction":{"version":0,"block":{"attributes":{"id":{"type":"string","description_kind":"plain","optional":true,"computed":true},"kind":{"type":"string","description_kind":"plain","required":true},"owner":{"type":"string","description_kind":"plain","required":true},"pattern":{"type":"string","description_kind":"plain","required":true},"repository":{"type":"string","description_kind":"plain","required":true},"users":{"type":["set","string"],"description_kind":"plain","optional":true},"value":{"type":"number","description_kind":"plain","optional":true}},"block_types":{"groups":{"nesting_mode":"set","block":{"attributes":{"owner":{"type":"string","description_kind":"plain","required":true},"slug":{"type":"string","description_kind":"plain","required":true}},"description_kind":"plain"}}},"description_kind":"plain"}},"bitbucket_default_reviewers":{"version":0,"block":{"attributes":{"id":{"type":"string","description_kind":"plain","optional":true,"computed":true},"owner":{"type":"string","description_kind":"plain","required":true},"repository":{"type":"string","description_kind":"plain","required":true},"reviewers":{"type":["set","string"],"description_kind":"plain","required":true}},"description_kind":"plain"}},"bitbucket_deployment":{"version":0,"block":{"attributes":{"id":{"type":"string","description_kind":"plain","optional":true,"computed":true},"name":{"type":"string","description_kind":"plain","required":true},"owner":{"type":"string","description_kind":"plain","required":true},"repository":{"type":"string","description_kind":"plain","required":true},"stage":{"type":"string","description_kind":"plain","required":true},"uuid":{"type":"string","description_kind":"plain","computed":true}},"description_kind":"plain"}},"bitbucket_deployment_variable":{"version":0,"block":{"attributes":{"deployment":{"type":"string","description_kind":"plain","required":true},"hash":{"type":"string","description_kind":"plain","computed":true,"sensitive":true},"id":{"type":"string","description_kind":"plain","optional":true,"computed":true},"key":{"type":"string","description_kind":"plain","required":true},"secured":{"type":"bool","description_kind":"plain","optional":true},"uuid":{"type":"string","description_kind":"plain","computed":true},"value":{"type":"string","description_kind":"plain","required":true,"sensitive":true}},"description_kind":"plain"}},"bitbucket_hook":{"version":0,"block":{"attributes":{"active":{"type":"bool","description_kind":"plain","optional":true},"description":{"type":"string","description_kind":"plain","required":true},"events":{"type":["set","string"],"description_kind":"plain","required":true},"id":{"type":"string","description_kind":"plain","optional":true,"computed":true},"owner":{"type":"string","description_kind":"plain","required":true},"repository":{"type":"string","description_kind":"plain","required":true},"skip_cert_verification":{"type":"bool","description_kind":"plain","optional":true},"url":{"type":"string","description_kind":"plain","required":true},"uuid":{"type":"string","description_kind":"plain","computed":true}},"description_kind":"plain"}},"bitbucket_project":{"version":0,"block":{"attributes":{"description":{"type":"string","description_kind":"plain","optional":true},"id":{"type":"string","description_kind":"plain","optional":true,"computed":true},"is_private":{"type":"bool","description_kind":"plain","optional":true},"key":{"type":"string","description_kind":"plain","required":true},"name":{"type":"string","description_kind":"plain","required":true},"owner":{"type":"string","description_kind":"plain","required":true}},"description_kind":"plain"}},"bitbucket_repository":{"version":0,"block":{"attributes":{"clone_https":{"type":"string","description_kind":"plain","computed":true},"clone_ssh":{"type":"string","description_kind":"plain","computed":true},"description":{"type":"string","description_kind":"plain","optional":true},"fork_policy":{"type":"string","description_kind":"plain","optional":true},"has_issues":{"type":"bool","description_kind":"plain","optional":true},"has_wiki":{"type":"bool","description_kind":"plain","optional":true},"id":{"type":"string","description_kind":"plain","optional":true,"computed":true},"is_private":{"type":"bool","description_kind":"plain","optional":true},"language":{"type":"string","description_kind":"plain","optional":true},"name":{"type":"string","description_kind":"plain","required":true},"owner":{"type":"string","description_kind":"plain","required":true},"pipelines_enabled":{"type":"bool","description_kind":"plain","optional":true},"project_key":{"type":"string","description_kind":"plain","optional":true},"scm":{"type":"string","description_kind":"plain","optional":true},"slug":{"type":"string","description_kind":"plain","optional":true,"computed":true},"website":{"type":"string","description_kind":"plain","optional":true}},"description_kind":"plain"}},"bitbucket_repository_variable":{"version":0,"block":{"attributes":{"hash":{"type":"string","description_kind":"plain","computed":true,"sensitive":true},"id":{"type":"string","description_kind":"plain","optional":true,"computed":true},"key":{"type":"string","description_kind":"plain","required":true},"owner":{"type":"string","description_kind":"plain","required":true},"repository":{"type":"string","description_kind":"plain","required":true},"secured":{"type":"bool","description_kind":"plain","optional":true},"uuid":{"type":"string","description_kind":"plain","computed":true},"value":{"type":"string","description_kind":"plain","required":true,"sensitive":true}},"description_kind":"plain"}}},"data_source_schemas":{"bitbucket_user":{"version":0,"block":{"attributes":{"display_name":{"type":"string","description_kind":"plain","optional":true},"id":{"type":"string","description_kind":"plain","optional":true,"computed":true},"nickname":{"type":"string","description_kind":"plain","optional":true},"username":{"type":"string","description_kind":"plain","required":true},"uuid":{"type":"string","description_kind":"plain","computed":true}},"description_kind":"plain"}}}}}}
