{"format_version":"0.2","provider_schemas":{"registry.terraform.io/dopplerhq/doppler":{"provider":{"version":0,"block":{"attributes":{"doppler_token":{"type":"string","description":"A Doppler token, either a personal or service token","description_kind":"plain","required":true},"host":{"type":"string","description":"The Doppler API host (i.e. https://api.doppler.com)","description_kind":"plain","optional":true},"verify_tls":{"type":"bool","description":"Whether or not to verify TLS","description_kind":"plain","optional":true}},"description_kind":"plain"}},"resource_schemas":{"doppler_secret":{"version":0,"block":{"attributes":{"computed":{"type":"string","description":"The computed secret value, after resolving secret references","description_kind":"plain","computed":true,"sensitive":true},"config":{"type":"string","description":"The name of the Doppler config","description_kind":"plain","required":true},"id":{"type":"string","description_kind":"plain","optional":true,"computed":true},"name":{"type":"string","description":"The name of the Doppler secret","description_kind":"plain","required":true},"project":{"type":"string","description":"The name of the Doppler project","description_kind":"plain","required":true},"value":{"type":"string","description":"The raw secret value","description_kind":"plain","required":true,"sensitive":true}},"description_kind":"plain"}}},"data_source_schemas":{"doppler_secrets":{"version":0,"block":{"attributes":{"config":{"type":"string","description":"The name of the Doppler config (required for personal tokens)","description_kind":"plain","optional":true},"id":{"type":"string","description_kind":"plain","optional":true,"computed":true},"map":{"type":["map","string"],"description":"A mapping of secret names to computed secret values","description_kind":"plain","computed":true,"sensitive":true},"project":{"type":"string","description":"The name of the Doppler project (required for personal tokens)","description_kind":"plain","optional":true}},"description_kind":"plain"}}}}}}
