{"format_version":"0.2","provider_schemas":{"registry.terraform.io/draios/statuscake":{"provider":{"version":0,"block":{"attributes":{"apikey":{"type":"string","description":"API Key for StatusCake","description_kind":"plain","required":true},"username":{"type":"string","description":"Username for StatusCake Account.","description_kind":"plain","required":true}},"description_kind":"plain"}},"resource_schemas":{"statuscake_test":{"version":0,"block":{"attributes":{"basic_pass":{"type":"string","description_kind":"plain","optional":true,"sensitive":true},"basic_user":{"type":"string","description_kind":"plain","optional":true},"branding":{"type":"number","description_kind":"plain","optional":true},"check_rate":{"type":"number","description_kind":"plain","optional":true},"confirmations":{"type":"number","description_kind":"plain","optional":true},"contact_group":{"type":["set","string"],"description_kind":"plain","optional":true},"contact_id":{"type":"number","description_kind":"plain","optional":true},"custom_header":{"type":"string","description_kind":"plain","optional":true},"dns_ip":{"type":"string","description_kind":"plain","optional":true},"dns_server":{"type":"string","description_kind":"plain","optional":true},"do_not_find":{"type":"bool","description_kind":"plain","optional":true},"enable_ssl_alert":{"type":"bool","description_kind":"plain","optional":true},"final_endpoint":{"type":"string","description_kind":"plain","optional":true},"find_string":{"type":"string","description_kind":"plain","optional":true},"follow_redirect":{"type":"bool","description_kind":"plain","optional":true},"id":{"type":"string","description_kind":"plain","optional":true,"computed":true},"logo_image":{"type":"string","description_kind":"plain","optional":true},"node_locations":{"type":["set","string"],"description_kind":"plain","optional":true},"paused":{"type":"bool","description_kind":"plain","optional":true},"ping_url":{"type":"string","description_kind":"plain","optional":true},"port":{"type":"number","description_kind":"plain","optional":true},"post_raw":{"type":"string","description_kind":"plain","optional":true},"public":{"type":"number","description_kind":"plain","optional":true},"real_browser":{"type":"number","description_kind":"plain","optional":true},"status":{"type":"string","description_kind":"plain","computed":true},"status_codes":{"type":"string","description_kind":"plain","optional":true},"test_id":{"type":"string","description_kind":"plain","computed":true},"test_tags":{"type":["set","string"],"description_kind":"plain","optional":true},"test_type":{"type":"string","description_kind":"plain","required":true},"timeout":{"type":"number","description_kind":"plain","optional":true},"trigger_rate":{"type":"number","description_kind":"plain","optional":true},"uptime":{"type":"number","description_kind":"plain","computed":true},"use_jar":{"type":"number","description_kind":"plain","optional":true},"user_agent":{"type":"string","description_kind":"plain","optional":true},"virus":{"type":"number","description_kind":"plain","optional":true},"website_host":{"type":"string","description_kind":"plain","optional":true},"website_name":{"type":"string","description_kind":"plain","required":true},"website_url":{"type":"string","description_kind":"plain","required":true}},"description_kind":"plain"}}}}}}
