{"format_version":"0.2","provider_schemas":{"registry.terraform.io/drfaust92/confluence":{"provider":{"version":0,"block":{"attributes":{"context":{"type":"string","description":"Confluence path context (Will default to /wiki if using an atlassian.net hostname)","description_kind":"plain","optional":true},"public_site":{"type":"string","description":"Optional public Confluence Server hostname if different than API hostname","description_kind":"plain","optional":true},"public_site_scheme":{"type":"string","description":"Optional https or http scheme to use for public site URLs","description_kind":"plain","optional":true},"site":{"type":"string","description":"Confluence hostname (\u003cname\u003e.atlassian.net if using Cloud Confluence, otherwise hostname)","description_kind":"plain","required":true},"site_scheme":{"type":"string","description":"Optional https or http scheme to use for API calls","description_kind":"plain","optional":true},"token":{"type":"string","description":"Confluence API Token for Cloud Confluence or password for Confluence Server","description_kind":"plain","required":true},"user":{"type":"string","description":"User's email address for Cloud Confluence or username for Confluence Server","description_kind":"plain","required":true}},"description_kind":"plain"}},"resource_schemas":{"confluence_attachment":{"version":0,"block":{"attributes":{"data":{"type":"string","description_kind":"plain","required":true},"id":{"type":"string","description_kind":"plain","optional":true,"computed":true},"media_type":{"type":"string","description_kind":"plain","optional":true},"page":{"type":"string","description_kind":"plain","required":true},"title":{"type":"string","description_kind":"plain","required":true},"version":{"type":"number","description_kind":"plain","computed":true}},"description_kind":"plain"}},"confluence_content":{"version":0,"block":{"attributes":{"body":{"type":"string","description_kind":"plain","required":true},"id":{"type":"string","description_kind":"plain","optional":true,"computed":true},"parent":{"type":"string","description_kind":"plain","optional":true},"space":{"type":"string","description_kind":"plain","required":true},"title":{"type":"string","description_kind":"plain","required":true},"type":{"type":"string","description_kind":"plain","optional":true},"url":{"type":"string","description_kind":"plain","computed":true},"version":{"type":"number","description_kind":"plain","computed":true}},"description_kind":"plain"}}}}}}
