{"format_version":"0.2","provider_schemas":{"registry.terraform.io/drfaust92/airflow":{"provider":{"version":0,"block":{"attributes":{"base_endpoint":{"type":"string","description_kind":"plain","required":true},"oauth2_token":{"type":"string","description":"The oauth to use for API authentication","description_kind":"plain","optional":true}},"description_kind":"plain"}},"resource_schemas":{"airflow_connection":{"version":0,"block":{"attributes":{"conn_type":{"type":"string","description_kind":"plain","required":true},"connection_id":{"type":"string","description_kind":"plain","required":true},"extra":{"type":"string","description_kind":"plain","optional":true},"host":{"type":"string","description_kind":"plain","optional":true},"id":{"type":"string","description_kind":"plain","optional":true,"computed":true},"login":{"type":"string","description_kind":"plain","optional":true},"password":{"type":"string","description_kind":"plain","optional":true},"port":{"type":"number","description_kind":"plain","optional":true},"schema":{"type":"string","description_kind":"plain","optional":true}},"description_kind":"plain"}},"airflow_pool":{"version":0,"block":{"attributes":{"id":{"type":"string","description_kind":"plain","optional":true,"computed":true},"name":{"type":"string","description_kind":"plain","required":true},"occupied_slots":{"type":"number","description_kind":"plain","computed":true},"open_slots":{"type":"number","description_kind":"plain","computed":true},"queued_slots":{"type":"number","description_kind":"plain","computed":true},"slots":{"type":"number","description_kind":"plain","required":true},"used_slots":{"type":"number","description_kind":"plain","computed":true}},"description_kind":"plain"}},"airflow_role":{"version":0,"block":{"attributes":{"id":{"type":"string","description_kind":"plain","optional":true,"computed":true},"name":{"type":"string","description_kind":"plain","required":true}},"block_types":{"action":{"nesting_mode":"set","block":{"attributes":{"action":{"type":"string","description_kind":"plain","required":true},"resource":{"type":"string","description_kind":"plain","required":true}},"description_kind":"plain"},"min_items":1}},"description_kind":"plain"}},"airflow_variable":{"version":0,"block":{"attributes":{"id":{"type":"string","description_kind":"plain","optional":true,"computed":true},"key":{"type":"string","description_kind":"plain","required":true},"value":{"type":"string","description_kind":"plain","required":true}},"description_kind":"plain"}}}}}}
