{"format_version":"0.2","provider_schemas":{"registry.terraform.io/dtekt/dtekt":{"provider":{"version":0,"block":{"attributes":{"api_token":{"type":"string","description_kind":"plain","optional":true}},"description_kind":"plain"}},"resource_schemas":{"dtekt_account":{"version":0,"block":{"attributes":{"description":{"type":"string","description_kind":"plain","required":true},"id":{"type":"string","description_kind":"plain","optional":true,"computed":true},"name":{"type":"string","description_kind":"plain","required":true}},"description_kind":"plain"}},"dtekt_alert_handler_slack":{"version":0,"block":{"attributes":{"account_id":{"type":"string","description_kind":"plain","required":true},"id":{"type":"string","description_kind":"plain","optional":true,"computed":true},"name":{"type":"string","description_kind":"plain","required":true},"webhook_url":{"type":"string","description_kind":"plain","required":true}},"description_kind":"plain"}},"dtekt_performance_monitor":{"version":0,"block":{"attributes":{"account_id":{"type":"string","description_kind":"plain","required":true},"every":{"type":"string","description_kind":"plain","optional":true},"id":{"type":"string","description_kind":"plain","optional":true,"computed":true},"locations":{"type":["set","string"],"description_kind":"plain","required":true},"url":{"type":"string","description_kind":"plain","required":true}},"block_types":{"alert":{"nesting_mode":"set","block":{"attributes":{"crit":{"type":"number","description_kind":"plain","optional":true},"handlers":{"type":["set","string"],"description_kind":"plain","optional":true},"metric":{"type":"string","description_kind":"plain","required":true},"uuid":{"type":"string","description_kind":"plain","computed":true},"warn":{"type":"number","description_kind":"plain","optional":true},"window":{"type":"string","description_kind":"plain","optional":true}},"description_kind":"plain"}}},"description_kind":"plain"}},"dtekt_test":{"version":0,"block":{"attributes":{"account_id":{"type":"string","description_kind":"plain","required":true},"id":{"type":"string","description_kind":"plain","optional":true,"computed":true},"location":{"type":"string","description_kind":"plain","required":true},"schedule":{"type":"number","description_kind":"plain","required":true},"url":{"type":"string","description_kind":"plain","required":true}},"description_kind":"plain"}},"dtekt_uptime_monitor":{"version":0,"block":{"attributes":{"account_id":{"type":"string","description_kind":"plain","required":true},"every":{"type":"string","description_kind":"plain","optional":true},"id":{"type":"string","description_kind":"plain","optional":true,"computed":true},"locations":{"type":["set","string"],"description_kind":"plain","required":true},"match_string":{"type":"string","description_kind":"plain","optional":true},"success_code":{"type":"number","description_kind":"plain","required":true},"url":{"type":"string","description_kind":"plain","required":true}},"block_types":{"alert":{"nesting_mode":"set","block":{"attributes":{"crit":{"type":"number","description_kind":"plain","optional":true},"handlers":{"type":["set","string"],"description_kind":"plain","optional":true},"metric":{"type":"string","description_kind":"plain","required":true},"uuid":{"type":"string","description_kind":"plain","computed":true},"warn":{"type":"number","description_kind":"plain","optional":true},"window":{"type":"string","description_kind":"plain","optional":true}},"description_kind":"plain"}},"header":{"nesting_mode":"set","block":{"attributes":{"name":{"type":"string","description_kind":"plain","required":true},"value":{"type":"string","description_kind":"plain","required":true}},"description_kind":"plain"}}},"description_kind":"plain"}}},"data_source_schemas":{"dtekt_tests":{"version":0,"block":{"attributes":{"account_id":{"type":"string","description_kind":"plain","required":true},"id":{"type":"string","description_kind":"plain","optional":true,"computed":true},"runs":{"type":["list",["object",{"location":"string","schedule":"number","url":"string","uuid":"string"}]],"description_kind":"plain","computed":true}},"description_kind":"plain"}}}}}}
