{"format_version":"0.2","provider_schemas":{"registry.terraform.io/duffn/alertlogic":{"provider":{"version":0,"block":{"attributes":{"access_key_id":{"type":"string","description":"Your Alert Logic API access key ID.","description_kind":"markdown","required":true},"account_id":{"type":"string","description":"Your Alert Logic Account ID.","description_kind":"markdown","required":true},"secret_key":{"type":"string","description":"Your Alert Logic API secret key.","description_kind":"markdown","required":true,"sensitive":true}},"description_kind":"plain"}},"resource_schemas":{"alertlogic_assets_external_dns_name":{"version":0,"block":{"attributes":{"deployment_id":{"type":"string","description":"The deployment ID of the external asset.","description_kind":"markdown","required":true},"dns_name":{"type":"string","description":"The external DNS name of the asset.","description_kind":"markdown","required":true},"id":{"type":"string","description_kind":"plain","optional":true,"computed":true}},"block_types":{"timeouts":{"nesting_mode":"single","block":{"attributes":{"create":{"type":"string","description_kind":"plain","optional":true}},"description_kind":"plain"}}},"description":"An Alert Logic external DNS asset.\nThis is only the asset of the `external-dns-name` type. You cannot create any other asset type with this resource.\n\n[API reference](https://console.cloudinsight.alertlogic.com/api/assets_write/#api-DeclareModify-DeclareAsset)","description_kind":"markdown"}},"alertlogic_user":{"version":0,"block":{"attributes":{"active":{"type":"bool","description":"The user's status.","description_kind":"markdown","optional":true},"email":{"type":"string","description":"An email address.","description_kind":"markdown","required":true},"id":{"type":"string","description":"The user's ID","description_kind":"markdown","computed":true},"mobile_phone":{"type":"string","description":"A mobile telephone number.","description_kind":"markdown","optional":true},"name":{"type":"string","description":"A full name.","description_kind":"markdown","required":true},"role_ids":{"type":["list","string"],"description":"An array of role IDs to grant to the user.","description_kind":"markdown","optional":true}},"description":"An Alert Logic user.\n\n[API reference](https://console.cloudinsight.alertlogic.com/api/aims/#api-AIMS_User_Resources)","description_kind":"markdown"}}},"data_source_schemas":{"alertlogic_account":{"version":0,"block":{"attributes":{"accessible_locations":{"type":["list","string"],"description":"Locations that this account can access.","description_kind":"markdown","optional":true},"active":{"type":"bool","description":"The status of the account.","description_kind":"markdown","optional":true},"created":{"type":["map","string"],"description":"Information on when the record was created.","description_kind":"markdown","optional":true},"default_location":{"type":"string","description":"Default location of the account.","description_kind":"markdown","optional":true},"id":{"type":"string","description":"The Alert Logic account ID.","description_kind":"markdown","computed":true},"modified":{"type":["map","string"],"description":"Information on when the record was modified.","description_kind":"markdown","optional":true},"name":{"type":"string","description":"The account name.","description_kind":"markdown","optional":true},"version":{"type":"number","description":"The version number of the account.","description_kind":"markdown","optional":true}},"description":"Details about an Alert Logic account.\n\n[API reference](https://console.cloudinsight.alertlogic.com/api/aims/#api-AIMS_Account_Resources-GetAccountDetails)","description_kind":"markdown"}},"alertlogic_assets_external_dns_names":{"version":0,"block":{"attributes":{"id":{"type":"string","description_kind":"plain","optional":true,"computed":true}},"block_types":{"external_dns_names":{"nesting_mode":"list","block":{"attributes":{"account_id":{"type":"string","description":"Account ID that holds the asset.","description_kind":"markdown","optional":true},"created_on":{"type":"number","description":"When the asset was created in Alert Logic.","description_kind":"markdown","optional":true},"declared":{"type":"bool","description_kind":"plain","optional":true},"deleted_on":{"type":"number","description":"The epoch time the asset was deleted.","description_kind":"markdown","optional":true},"deployment_id":{"type":"string","description":"The ID of the deployment that the external asset resides in.","description_kind":"markdown","optional":true},"dns_name":{"type":"string","description":"The asset's DNS name.","description_kind":"markdown","optional":true},"key":{"type":"string","description":"The asset key.","description_kind":"markdown","optional":true},"name":{"type":"string","description":"The assets name.","description_kind":"markdown","optional":true},"native_type":{"type":"string","description":"The native type of the asset.","description_kind":"markdown","optional":true},"state":{"type":"string","description":"The state of the asset.","description_kind":"markdown","optional":true},"threat_level":{"type":"number","description":"The threat level of the external DNS name asset.","description_kind":"markdown","optional":true},"threatiness":{"type":"number","description":"Threatiness?","description_kind":"markdown","optional":true},"type":{"type":"string","description":"The type of the asset.","description_kind":"markdown","optional":true},"version":{"type":"number","description":"The version number of the asset.","description_kind":"markdown","optional":true}},"description":"A list of external DNS name assets.","description_kind":"markdown"}}},"description":"A list of external DNS name assets.\n\n[API reference](https://console.cloudinsight.alertlogic.com/api/assets_query/#api-Queries-QueryAccountAssets)","description_kind":"markdown"}},"alertlogic_global_roles":{"version":0,"block":{"attributes":{"id":{"type":"string","description_kind":"plain","optional":true,"computed":true}},"block_types":{"roles":{"nesting_mode":"list","block":{"attributes":{"account_id":{"type":"string","description":"Account ID that holds the role, or '*' if the role is global.","description_kind":"markdown","optional":true},"created":{"type":["map","string"],"description":"Information on when the record was created.","description_kind":"markdown","optional":true},"global":{"type":"bool","description":"Indicates whether or not the role is a global role.","description_kind":"markdown","optional":true},"id":{"type":"string","description":"The role's ID.","description_kind":"markdown","computed":true},"legacy_permissions":{"type":["list","string"],"description":"Legacy permissions of this role.","description_kind":"markdown","optional":true},"modified":{"type":["map","string"],"description":"Information on when the record was modified.","description_kind":"markdown","optional":true},"name":{"type":"string","description":"The role's name","description_kind":"markdown","optional":true},"permissions":{"type":["map","string"],"description":"The role's permissions.","description_kind":"markdown","optional":true},"version":{"type":"number","description":"The version number of the role.","description_kind":"markdown","optional":true}},"description":"A list of roles.","description_kind":"markdown"}}},"description":"A list of global Alert Logic roles.\n\n[API reference](https://console.cloudinsight.alertlogic.com/api/aims/#api-AIMS_Role_Resources-ListGlobalRoles)","description_kind":"markdown"}},"alertlogic_roles":{"version":0,"block":{"attributes":{"id":{"type":"string","description_kind":"plain","optional":true,"computed":true}},"block_types":{"roles":{"nesting_mode":"list","block":{"attributes":{"account_id":{"type":"string","description":"Account ID that holds the role, or '*' if the role is global.","description_kind":"markdown","optional":true},"created":{"type":["map","string"],"description":"Information on when the record was created.","description_kind":"markdown","optional":true},"global":{"type":"bool","description":"Indicates whether or not the role is a global role.","description_kind":"markdown","optional":true},"id":{"type":"string","description":"The role's ID.","description_kind":"markdown","computed":true},"legacy_permissions":{"type":["list","string"],"description":"Legacy permissions of this role.","description_kind":"markdown","optional":true},"modified":{"type":["map","string"],"description":"Information on when the record was modified.","description_kind":"markdown","optional":true},"name":{"type":"string","description":"The role's name","description_kind":"markdown","optional":true},"permissions":{"type":["map","string"],"description":"The role's permissions.","description_kind":"markdown","optional":true},"version":{"type":"number","description":"The version number of the role.","description_kind":"markdown","optional":true}},"description":"A list of roles.","description_kind":"markdown"}}},"description":"A list of Alert Logic roles, both account specific and global.\n\n[API reference](https://console.cloudinsight.alertlogic.com/api/aims/#api-AIMS_Role_Resources-ListRoles)","description_kind":"markdown"}},"alertlogic_users":{"version":0,"block":{"attributes":{"id":{"type":"string","description_kind":"plain","optional":true,"computed":true}},"block_types":{"users":{"nesting_mode":"list","block":{"attributes":{"account_id":{"type":"string","description":"Account ID that holds the user.","description_kind":"markdown","optional":true},"active":{"type":"bool","description":"Indicates whether or not the user is active.","description_kind":"markdown","optional":true},"created":{"type":["map","string"],"description":"Information on when the record was created.","description_kind":"markdown","optional":true},"email":{"type":"string","description":"The user's email address.","description_kind":"markdown","optional":true},"id":{"type":"string","description":"The user's ID.","description_kind":"markdown","computed":true},"locked":{"type":"bool","description":"Indicates whether or not the user is allowed to log in.","description_kind":"markdown","optional":true},"mfa_enabled":{"type":"bool","description":"Indicates the status of the users MFA.","description_kind":"markdown","optional":true},"modified":{"type":["map","string"],"description":"Information on when the record was modified.","description_kind":"markdown","optional":true},"name":{"type":"string","description":"The user's full name","description_kind":"markdown","optional":true},"role_ids":{"type":["list","string"],"description":"Role IDs for the user.","description_kind":"markdown","optional":true},"username":{"type":"string","description":"The user's username.","description_kind":"markdown","optional":true},"version":{"type":"number","description":"The version of the user's details; i.e. how many times has the user been updated.","description_kind":"markdown","optional":true}},"block_types":{"linked_users":{"nesting_mode":"list","block":{"attributes":{"location":{"type":"string","description":"The location of the user.","description_kind":"markdown","optional":true},"user_id":{"type":"number","description":"The ID of the user.","description_kind":"markdown","optional":true}},"description":"Users linked to this user.","description_kind":"markdown"}}},"description":"A list of users.","description_kind":"markdown"}}},"description":"A list of Alert Logic users.\n\n[API reference](https://console.cloudinsight.alertlogic.com/api/aims/#api-AIMS_User_Resources-ListUsers)\n\t\t","description_kind":"markdown"}}}}}}
