{"format_version":"0.2","provider_schemas":{"registry.terraform.io/duplocloud/duplocloud":{"provider":{"version":0,"block":{"attributes":{"duplo_host":{"type":"string","description":"This is the base URL to the Duplo REST API.  It must be provided, but it can also be sourced from the `duplo_host` environment variable.","description_kind":"markdown","optional":true},"duplo_token":{"type":"string","description":"This is a bearer token used to authenticate to the Duplo REST API.  It must be provided, but it can also be sourced from the `duplo_token` environment variable.","description_kind":"markdown","optional":true,"sensitive":true},"ssl_no_verify":{"type":"bool","description":"Disable SSL certificate verification. Defaults to `false`.","description_kind":"markdown","optional":true}},"description_kind":"plain"}},"resource_schemas":{"duplocloud_aws_dynamodb_table":{"version":0,"block":{"attributes":{"arn":{"type":"string","description":"The ARN of the dynamodb table.","description_kind":"markdown","computed":true},"attribute_type":{"type":"string","description":"The attribute type of the primary key attribute.","description_kind":"markdown","required":true},"fullname":{"type":"string","description":"The full name of the dynamodb table.","description_kind":"markdown","computed":true},"id":{"type":"string","description_kind":"plain","optional":true,"computed":true},"key_type":{"type":"string","description":"The key type of the primary key.","description_kind":"markdown","required":true},"name":{"type":"string","description":"The short name of the dynamodb table.  Duplo will add a prefix to the name.  You can retrieve the full name from the `fullname` attribute.","description_kind":"markdown","required":true},"primary_key_name":{"type":"string","description":"The attribute name of the primary key attribute.","description_kind":"markdown","required":true},"status":{"type":"string","description":"The status of the dynamodb table.","description_kind":"markdown","computed":true},"tenant_id":{"type":"string","description":"The GUID of the tenant that the dynamodb table will be created in.","description_kind":"markdown","required":true}},"block_types":{"timeouts":{"nesting_mode":"single","block":{"attributes":{"create":{"type":"string","description_kind":"plain","optional":true},"delete":{"type":"string","description_kind":"plain","optional":true}},"description_kind":"plain"}}},"description":"`duplocloud_aws_lambda_function` manages an AWS dynamodb table in Duplo.","description_kind":"markdown"}},"duplocloud_aws_elasticsearch":{"version":0,"block":{"attributes":{"access_policies":{"type":"string","description_kind":"plain","computed":true},"advanced_options":{"type":["map","string"],"description_kind":"plain","computed":true},"arn":{"type":"string","description":"The ARN of the ElasticSearch instance.","description_kind":"markdown","computed":true},"domain_id":{"type":"string","description":"The domain ID of the ElasticSearch instance.","description_kind":"markdown","computed":true},"domain_name":{"type":"string","description":"The full name of the ElasticSearch instance.","description_kind":"markdown","computed":true},"ebs_options":{"type":["list",["object",{"ebs_enabled":"bool","iops":"number","volume_size":"number","volume_type":"string"}]],"description_kind":"plain","computed":true},"elasticsearch_version":{"type":"string","description":"The version of the ElasticSearch instance. Defaults to `7.9`.","description_kind":"markdown","optional":true},"enable_node_to_node_encryption":{"type":"bool","description":"Whether or not to use the enable node-to-node encryption for this ElasticSearch instance.","description_kind":"markdown","optional":true,"computed":true},"endpoints":{"type":["map","string"],"description":"The endpoints to use when connecting to the ElasticSearch instance.","description_kind":"markdown","computed":true},"id":{"type":"string","description_kind":"plain","optional":true,"computed":true},"name":{"type":"string","description":"The short name of the ElasticSearch instance.  Duplo will add a prefix to the name.  You can retrieve the full name from the `domain_name` attribute.","description_kind":"markdown","required":true},"require_ssl":{"type":"bool","description":"Whether or not to require SSL for accessing this ElasticSearch instance.","description_kind":"markdown","optional":true,"computed":true},"selected_zone":{"type":"number","description":"The numerical index of the zone to launch this ElasticSearch instance in.","description_kind":"markdown","optional":true,"computed":true},"snapshot_options":{"type":["list",["object",{"automated_snapshot_start_hour":"number"}]],"description_kind":"plain","computed":true},"storage_size":{"type":"number","description":"The storage volume size, in GB, for the ElasticSearch instance. Defaults to `20`.","description_kind":"markdown","optional":true},"tenant_id":{"type":"string","description":"The GUID of the tenant that the ElasticSearch instance will be created in.","description_kind":"markdown","required":true},"use_latest_tls_cipher":{"type":"bool","description":"Whether or not to use the latest TLS cipher for this ElasticSearch instance.","description_kind":"markdown","optional":true,"computed":true}},"block_types":{"cluster_config":{"nesting_mode":"list","block":{"attributes":{"dedicated_master_count":{"type":"number","description":"Defaults to `0`.","description_kind":"markdown","optional":true},"dedicated_master_enabled":{"type":"bool","description":"Defaults to `false`.","description_kind":"markdown","optional":true},"dedicated_master_type":{"type":"string","description":"Defaults to `t2.small.elasticsearch`.","description_kind":"markdown","optional":true},"instance_count":{"type":"number","description":"Defaults to `1`.","description_kind":"markdown","optional":true},"instance_type":{"type":"string","description":"Defaults to `t2.small.elasticsearch`.","description_kind":"markdown","optional":true}},"description_kind":"plain"},"max_items":1},"encrypt_at_rest":{"nesting_mode":"list","block":{"attributes":{"enabled":{"type":"bool","description_kind":"plain","computed":true},"kms_key_id":{"type":"string","description":"The ID of a KMS key to use with the ElasticSearch instance.","description_kind":"markdown","optional":true,"computed":true},"kms_key_name":{"type":"string","description":"The name of a KMS key to use with the ElasticSearch instance.","description_kind":"markdown","optional":true,"computed":true}},"description":"The storage encryption settings for the ElasticSearch instance.","description_kind":"markdown"},"max_items":1},"timeouts":{"nesting_mode":"single","block":{"attributes":{"create":{"type":"string","description_kind":"plain","optional":true},"delete":{"type":"string","description_kind":"plain","optional":true}},"description_kind":"plain"}},"vpc_options":{"nesting_mode":"list","block":{"attributes":{"availability_zones":{"type":["list","string"],"description_kind":"plain","computed":true},"security_group_ids":{"type":["list","string"],"description_kind":"plain","computed":true},"subnet_ids":{"type":["list","string"],"description_kind":"plain","optional":true,"computed":true},"vpc_id":{"type":"string","description_kind":"plain","computed":true}},"description_kind":"plain"}}},"description":"`duplocloud_aws_elasticsearch` manages an AWS ElasticSearch instance in Duplo.","description_kind":"markdown"}},"duplocloud_aws_host":{"version":0,"block":{"attributes":{"agent_platform":{"type":"number","description":"The numeric ID of the container agent pool that this host is added to. Defaults to `0`.","description_kind":"markdown","optional":true},"allocated_public_ip":{"type":"bool","description":"Whether or not to allocate a public IP. Defaults to `false`.","description_kind":"markdown","optional":true},"base64_user_data":{"type":"string","description":"Base64 encoded EC2 user data to associated with the host.","description_kind":"markdown","optional":true,"computed":true},"capacity":{"type":"string","description":"The AWS EC2 instance type.","description_kind":"markdown","required":true},"cloud":{"type":"number","description":"The numeric ID of the cloud provider to launch the host in. Defaults to `0`.","description_kind":"markdown","optional":true},"encrypt_disk":{"type":"bool","description":"Defaults to `false`.","description_kind":"markdown","optional":true},"friendly_name":{"type":"string","description":"The short name of the host.","description_kind":"markdown","required":true},"id":{"type":"string","description_kind":"plain","optional":true,"computed":true},"identity_role":{"type":"string","description":"The name of the IAM role associated with this host.","description_kind":"markdown","computed":true},"image_id":{"type":"string","description":"The AMI ID to use.","description_kind":"markdown","required":true},"instance_id":{"type":"string","description":"The AWS EC2 instance ID of the host.","description_kind":"markdown","computed":true},"is_ebs_optimized":{"type":"bool","description":"Defaults to `false`.","description_kind":"markdown","optional":true},"is_minion":{"type":"bool","description":"Defaults to `true`.","description_kind":"markdown","optional":true},"private_ip_address":{"type":"string","description":"The primary private IP address assigned to the host.","description_kind":"markdown","computed":true},"status":{"type":"string","description":"The current status of the host.","description_kind":"markdown","computed":true},"tenant_id":{"type":"string","description":"The GUID of the tenant that the host will be created in.","description_kind":"markdown","required":true},"user_account":{"type":"string","description":"The default username for the host.\n\nWindows example: `Administrator`.\n\nAmazon Linux example: `ec2-user`.\n\nUbuntu Linux example: `ubuntu`.","description_kind":"markdown","optional":true,"computed":true},"wait_until_connected":{"type":"bool","description":"Whether or not to wait until Duplo can connect to the host, after creation. Defaults to `true`.","description_kind":"markdown","optional":true},"zone":{"type":"number","description":"The availability zone to launch the host in, expressed as a number and starting at 0. Defaults to `0`.","description_kind":"markdown","optional":true}},"block_types":{"metadata":{"nesting_mode":"list","block":{"attributes":{"key":{"type":"string","description_kind":"plain","required":true},"value":{"type":"string","description_kind":"plain","required":true}},"description":"Configuration metadata used when creating the host.","description_kind":"markdown"}},"minion_tags":{"nesting_mode":"list","block":{"attributes":{"key":{"type":"string","description_kind":"plain","required":true},"value":{"type":"string","description_kind":"plain","required":true}},"description_kind":"plain"}},"network_interface":{"nesting_mode":"list","block":{"attributes":{"associate_public_ip":{"type":"bool","description":"Whether or not to associate a public IP with the newly created ENI.  Cannot be specified if `network_interface_id` is specified.","description_kind":"markdown","optional":true,"computed":true},"device_index":{"type":"number","description":"The device index to pass to AWS for attaching the ENI.  Starts at zero.","description_kind":"markdown","optional":true,"computed":true},"groups":{"type":["list","string"],"description_kind":"plain","optional":true,"computed":true},"network_interface_id":{"type":"string","description":"The ID of an ENI to attach to this host.  Cannot be specified if `subnet_id` or `associate_public_ip` is specified.","description_kind":"markdown","optional":true,"computed":true},"subnet_id":{"type":"string","description":"The ID of a subnet in which to create a new ENI.  Cannot be specified if `network_interface_id` is specified.","description_kind":"markdown","optional":true,"computed":true}},"block_types":{"metadata":{"nesting_mode":"list","block":{"attributes":{"key":{"type":"string","description_kind":"plain","required":true},"value":{"type":"string","description_kind":"plain","required":true}},"description_kind":"plain"}}},"description":"An optional list of custom network interface configurations to use when creating the host.","description_kind":"markdown"}},"tags":{"nesting_mode":"list","block":{"attributes":{"key":{"type":"string","description_kind":"plain","required":true},"value":{"type":"string","description_kind":"plain","required":true}},"description_kind":"plain"}},"timeouts":{"nesting_mode":"single","block":{"attributes":{"create":{"type":"string","description_kind":"plain","optional":true},"delete":{"type":"string","description_kind":"plain","optional":true},"update":{"type":"string","description_kind":"plain","optional":true}},"description_kind":"plain"}},"volume":{"nesting_mode":"list","block":{"attributes":{"iops":{"type":"number","description_kind":"plain","optional":true,"computed":true},"name":{"type":"string","description_kind":"plain","optional":true,"computed":true},"size":{"type":"number","description_kind":"plain","optional":true,"computed":true},"volume_id":{"type":"string","description_kind":"plain","optional":true,"computed":true},"volume_type":{"type":"string","description_kind":"plain","optional":true,"computed":true}},"description_kind":"plain"}}},"description":"`duplocloud_aws_host` manages a native AWS host in Duplo.","description_kind":"markdown"}},"duplocloud_aws_kafka_cluster":{"version":0,"block":{"attributes":{"arn":{"type":"string","description":"The ARN of the Kafka cluster.","description_kind":"markdown","computed":true},"az_distribution":{"type":"string","description":"The availability zone distribution used by the cluster.","description_kind":"markdown","computed":true},"configuration_arn":{"type":"string","description":"An ARN of a Kafka configuration to apply to the cluster.","description_kind":"markdown","optional":true,"computed":true},"configuration_revision":{"type":"number","description":"An revision of a Kafka configuration to apply to the cluster.","description_kind":"markdown","optional":true,"computed":true},"fullname":{"type":"string","description":"The full name of the Kakfa cluster.","description_kind":"markdown","computed":true},"id":{"type":"string","description_kind":"plain","optional":true,"computed":true},"instance_type":{"type":"string","description":"The Kafka node instance type to use.\nSee the [AWS documentation](https://docs.aws.amazon.com/msk/latest/developerguide/msk-create-cluster.html) for more information.","description_kind":"markdown","required":true},"kafka_version":{"type":"string","description":"The version of the Kafka cluster.","description_kind":"markdown","required":true},"name":{"type":"string","description":"The short name of the Kafka cluster.  Duplo will add a prefix to the name.  You can retrieve the full name from the `fullname` attribute.","description_kind":"markdown","required":true},"plaintext_bootstrap_broker_string":{"type":"string","description":"The bootstrap broker connect string for plaintext (unencrypted) connections.","description_kind":"markdown","computed":true},"plaintext_zookeeper_connect_string":{"type":"string","description":"The Zookeeper connect string for plaintext (unencrypted) connections.","description_kind":"markdown","computed":true},"security_groups":{"type":["list","string"],"description":"The list of security groups used by the cluster.","description_kind":"markdown","computed":true},"state":{"type":"string","description":"The current state of the cluster.","description_kind":"markdown","computed":true},"storage_size":{"type":"number","description":"The size of the Kafka storage, in gigabytes.","description_kind":"markdown","required":true},"subnets":{"type":["list","string"],"description":"The list of subnets that the cluster will be launched in.","description_kind":"markdown","optional":true,"computed":true},"tags":{"type":["map","string"],"description_kind":"plain","computed":true},"tenant_id":{"type":"string","description":"The GUID of the tenant that the Kafka cluster will be created in.","description_kind":"markdown","required":true},"tls_bootstrap_broker_string":{"type":"string","description":"The bootstrap broker connect string for TLS (encrypted) connections.","description_kind":"markdown","computed":true},"tls_zookeeper_connect_string":{"type":"string","description":"The Zookeeper connect string for TLS (encrypted) connections.","description_kind":"markdown","computed":true}},"block_types":{"timeouts":{"nesting_mode":"single","block":{"attributes":{"create":{"type":"string","description_kind":"plain","optional":true},"delete":{"type":"string","description_kind":"plain","optional":true}},"description_kind":"plain"}}},"description":"`duplocloud_aws_kafka_cluster` manages an AWS MSK cluster in Duplo.","description_kind":"markdown"}},"duplocloud_aws_lambda_function":{"version":0,"block":{"attributes":{"arn":{"type":"string","description":"The ARN of the lambda function.","description_kind":"markdown","computed":true},"description":{"type":"string","description":"A description of the lambda function.","description_kind":"markdown","optional":true},"fullname":{"type":"string","description":"The full name of the lambda function.","description_kind":"markdown","computed":true},"handler":{"type":"string","description":"The [entrypoint](https://docs.aws.amazon.com/lambda/latest/dg/walkthrough-custom-events-create-test-function.html) of the lambda function in your code.","description_kind":"markdown","optional":true,"computed":true},"id":{"type":"string","description_kind":"plain","optional":true,"computed":true},"last_modified":{"type":"string","description":"A timestamp string of lambda's last modification time.","description_kind":"markdown","computed":true},"memory_size":{"type":"number","description":"The maximum amount of memory, in MB, that your lambda function is allowed to use at runtime. Defaults to `3`.","description_kind":"markdown","optional":true},"name":{"type":"string","description":"The short name of the lambda function cluster.  Duplo will add a prefix to the name.  You can retrieve the full name from the `fullname` attribute.","description_kind":"markdown","required":true},"role":{"type":"string","description":"The IAM role for the lambda function's execution.","description_kind":"markdown","computed":true},"runtime":{"type":"string","description":"The [runtime](https://docs.aws.amazon.com/lambda/latest/dg/lambda-runtimes.html) that the lambda function needs.","description_kind":"markdown","optional":true,"computed":true},"s3_bucket":{"type":"string","description":"The S3 bucket where the lambda function package is located.","description_kind":"markdown","required":true},"s3_key":{"type":"string","description":"The S3 key in the S3 bucket where the lambda function package is located.","description_kind":"markdown","required":true},"source_code_hash":{"type":"string","description":"The SHA 256 hash of the lambda functions's source code package.","description_kind":"markdown","computed":true},"source_code_size":{"type":"number","description":"The size in bytes of the lambda functions's source code package.","description_kind":"markdown","computed":true},"tenant_id":{"type":"string","description":"The GUID of the tenant that the lambda function will be created in.","description_kind":"markdown","required":true},"timeout":{"type":"number","description":"The execution time limit for the lambda function. Defaults to `3`.","description_kind":"markdown","optional":true},"version":{"type":"string","description":"The version of the lambda function.","description_kind":"markdown","computed":true}},"block_types":{"environment":{"nesting_mode":"list","block":{"attributes":{"variables":{"type":["map","string"],"description":"Map of environment variables that are accessible from the function code during execution.","description_kind":"markdown","optional":true}},"description":"Allow customization of the lambda execution environment.","description_kind":"markdown"},"max_items":1},"timeouts":{"nesting_mode":"single","block":{"attributes":{"create":{"type":"string","description_kind":"plain","optional":true},"delete":{"type":"string","description_kind":"plain","optional":true}},"description_kind":"plain"}}},"description":"`duplocloud_aws_lambda_function` manages an AWS lambda function in Duplo.","description_kind":"markdown"}},"duplocloud_aws_load_balancer":{"version":0,"block":{"attributes":{"arn":{"type":"string","description":"The ARN of the load balancer.","description_kind":"markdown","computed":true},"drop_invalid_headers":{"type":"bool","description":"Whether or not the load balancer should drop invalid HTTP headers.","description_kind":"markdown","optional":true,"computed":true},"enable_access_logs":{"type":"bool","description":"Whether or not access logs should be enabled.","description_kind":"markdown","optional":true,"computed":true},"fullname":{"type":"string","description":"The full name of the load balancer.","description_kind":"markdown","computed":true},"id":{"type":"string","description_kind":"plain","optional":true,"computed":true},"is_internal":{"type":"bool","description":"Whether or not the load balancer is internal (non internet-facing).","description_kind":"markdown","optional":true,"computed":true},"name":{"type":"string","description":"The short name of the load balancer.  Duplo will add a prefix to the name.  You can retrieve the full name from the `fullname` attribute.","description_kind":"markdown","required":true},"tags":{"type":["list",["object",{"key":"string","value":"string"}]],"description":"The tags assigned to this load balancer.","description_kind":"markdown","computed":true},"tenant_id":{"type":"string","description":"The GUID of the tenant that the load balancer will be created in.","description_kind":"markdown","required":true},"web_acl_id":{"type":"string","description":"The ARN of a WAF to attach to the load balancer.","description_kind":"markdown","optional":true,"computed":true}},"block_types":{"timeouts":{"nesting_mode":"single","block":{"attributes":{"create":{"type":"string","description_kind":"plain","optional":true},"delete":{"type":"string","description_kind":"plain","optional":true}},"description_kind":"plain"}}},"description":"`duplocloud_aws_load_balancer` manages an AWS application load balancer in Duplo.","description_kind":"markdown"}},"duplocloud_duplo_service":{"version":0,"block":{"attributes":{"agent_platform":{"type":"number","description":"The numeric ID of the container agent to use for deployment. Defaults to `0`.","description_kind":"markdown","optional":true},"allocation_tags":{"type":"string","description_kind":"plain","optional":true},"cloud":{"type":"number","description":"The numeric ID of the cloud provider to launch the service in. Defaults to `0`.","description_kind":"markdown","optional":true},"commands":{"type":"string","description_kind":"plain","optional":true},"docker_image":{"type":"string","description":"The docker image to use for the launched container(s).","description_kind":"markdown","required":true},"extra_config":{"type":"string","description_kind":"plain","optional":true},"id":{"type":"string","description_kind":"plain","optional":true,"computed":true},"name":{"type":"string","description":"The name of the service to create.","description_kind":"markdown","required":true},"other_docker_config":{"type":"string","description_kind":"plain","optional":true,"computed":true},"other_docker_host_config":{"type":"string","description_kind":"plain","optional":true},"replicas":{"type":"number","description":"The number of container replicas to deploy.","description_kind":"markdown","required":true},"replicas_matching_asg_name":{"type":"string","description_kind":"plain","optional":true},"tags":{"type":["list",["object",{"key":"string","value":"string"}]],"description_kind":"plain","computed":true},"tenant_id":{"type":"string","description":"The GUID of the tenant that the service will be created in.","description_kind":"markdown","required":true},"volumes":{"type":"string","description_kind":"plain","optional":true}},"block_types":{"timeouts":{"nesting_mode":"single","block":{"attributes":{"create":{"type":"string","description_kind":"plain","optional":true},"delete":{"type":"string","description_kind":"plain","optional":true},"update":{"type":"string","description_kind":"plain","optional":true}},"description_kind":"plain"}}},"description":"`duplocloud_duplo_service` manages a container-based service in Duplo.\n\nNOTE: For Amazon ECS services, see the `duplocloud_ecs_service` resource.","description_kind":"markdown"}},"duplocloud_duplo_service_lbconfigs":{"version":0,"block":{"attributes":{"arn":{"type":"string","description":"The load balancer ARN.","description_kind":"markdown","computed":true},"id":{"type":"string","description_kind":"plain","optional":true,"computed":true},"replication_controller_name":{"type":"string","description":"The name of the duplo service.","description_kind":"markdown","required":true},"status":{"type":"string","description":"The load balancer's current status.","description_kind":"markdown","computed":true},"tenant_id":{"type":"string","description":"The GUID of the tenant that hosts the duplo service.","description_kind":"markdown","required":true},"wait_until_ready":{"type":"bool","description":"Whether or not to wait until Duplo considers all of the load balancers ready Defaults to `true`.","description_kind":"markdown","optional":true}},"block_types":{"lbconfigs":{"nesting_mode":"list","block":{"attributes":{"certificate_arn":{"type":"string","description":"The ARN of an ACM certificate to associate with this load balancer.  Only applicable for HTTPS.","description_kind":"markdown","optional":true,"computed":true},"external_port":{"type":"number","description":"The frontend port associated with this load balancer configuration.","description_kind":"markdown","required":true},"external_traffic_policy":{"type":"string","description":"Only for K8S Node Port (`lb_type = 4`).  Set the kubernetes service `externalTrafficPolicy` attribute.","description_kind":"markdown","optional":true,"computed":true},"health_check_url":{"type":"string","description":"The health check URL to associate with this load balancer configuration.","description_kind":"markdown","optional":true,"computed":true},"is_internal":{"type":"bool","description":"Whether or not to create an internal load balancer.","description_kind":"markdown","optional":true,"computed":true},"is_native":{"type":"bool","description_kind":"plain","optional":true,"computed":true},"lb_type":{"type":"number","description":"The numerical index of the type of load balancer configuration to create.\nShould be one of:\n\n   - `0` : ELB (Classic Load Balancer)\n   - `1` : ALB (Application Load Balancer)\n   - `2` : Health-check Only (No Load Balancer)\n   - `3` : K8S Service w/ Cluster IP (No Load Balancer)\n   - `4` : K8S Service w/ Node Port (No Load Balancer)","description_kind":"markdown","required":true},"port":{"type":"string","description":"The backend port associated with this load balancer configuration.","description_kind":"markdown","required":true},"protocol":{"type":"string","description":"The frontend protocol associated with this load balancer configuration.","description_kind":"markdown","required":true},"replication_controller_name":{"type":"string","description":"Set the replication_controller_name field instead of lbconfigs.replication_controller_name","description_kind":"markdown","deprecated":true,"optional":true,"computed":true}},"description_kind":"plain"},"min_items":1},"timeouts":{"nesting_mode":"single","block":{"attributes":{"create":{"type":"string","description_kind":"plain","optional":true},"delete":{"type":"string","description_kind":"plain","optional":true},"update":{"type":"string","description_kind":"plain","optional":true}},"description_kind":"plain"}}},"description":"`duplocloud_duplo_service_lbconfigs` manages load balancer configuration(s) for a container-based service in Duplo.\n\nNOTE: For Amazon ECS services, see the `duplocloud_ecs_service` resource.","description_kind":"markdown"}},"duplocloud_duplo_service_params":{"version":0,"block":{"attributes":{"dns_prfx":{"type":"string","description":"The DNS prefix to assign to this service's load balancer.","description_kind":"markdown","optional":true,"computed":true},"drop_invalid_headers":{"type":"bool","description":"Whether or not to drop invalid HTTP headers received by the load balancer.","description_kind":"markdown","optional":true,"computed":true},"enable_access_logs":{"type":"bool","description":"Whether or not to enable access logs.  When enabled, Duplo will send access logs to a centralized S3 bucket per plan","description_kind":"markdown","optional":true,"computed":true},"id":{"type":"string","description_kind":"plain","optional":true,"computed":true},"load_balancer_arn":{"type":"string","description":"The load balancer ARN.","description_kind":"markdown","computed":true},"load_balancer_name":{"type":"string","description":"The load balancer name.","description_kind":"markdown","computed":true},"replication_controller_name":{"type":"string","description":"The name of the duplo service.","description_kind":"markdown","required":true},"tenant_id":{"type":"string","description":"The GUID of the tenant that hosts the duplo service.","description_kind":"markdown","required":true},"webaclid":{"type":"string","description":"The ARN of a web application firewall to associate this load balancer.","description_kind":"markdown","optional":true,"computed":true}},"block_types":{"timeouts":{"nesting_mode":"single","block":{"attributes":{"create":{"type":"string","description_kind":"plain","optional":true},"delete":{"type":"string","description_kind":"plain","optional":true},"update":{"type":"string","description_kind":"plain","optional":true}},"description_kind":"plain"}}},"description":"`duplocloud_duplo_service_lbconfigs` manages additional configuration for a container-based service in Duplo.\n\nNOTE: For Amazon ECS services, see the `duplocloud_ecs_service` resource.","description_kind":"markdown"}},"duplocloud_ecache_instance":{"version":0,"block":{"attributes":{"arn":{"type":"string","description":"The ARN of the elasticache instance.","description_kind":"markdown","computed":true},"auth_token":{"type":"string","description":"Set a password for authenticating to the ElastiCache instance.  Only supported if `encryption_in_transit` is to to `true`.","description_kind":"markdown","optional":true},"cache_type":{"type":"number","description":"The numerical index of elasticache instance type.\nShould be one of:\n\n   - `0` : Redis\n   - `1` : Memcache\n\n Defaults to `0`.","description_kind":"markdown","optional":true},"encryption_at_rest":{"type":"bool","description":"Enables encryption-at-rest. Defaults to `false`.","description_kind":"markdown","optional":true},"encryption_in_transit":{"type":"bool","description":"Enables encryption-in-transit. Defaults to `false`.","description_kind":"markdown","optional":true},"endpoint":{"type":"string","description":"The endpoint of the elasticache instance.","description_kind":"markdown","computed":true},"host":{"type":"string","description":"The DNS hostname of the elasticache instance.","description_kind":"markdown","computed":true},"id":{"type":"string","description_kind":"plain","optional":true,"computed":true},"identifier":{"type":"string","description":"The full name of the elasticache instance.","description_kind":"markdown","computed":true},"instance_status":{"type":"string","description":"The status of the elasticache instance.","description_kind":"markdown","computed":true},"name":{"type":"string","description":"The short name of the elasticache instance.  Duplo will add a prefix to the name.  You can retrieve the full name from the `identifier` attribute.","description_kind":"markdown","required":true},"port":{"type":"number","description":"The listening port of the elasticache instance.","description_kind":"markdown","computed":true},"replicas":{"type":"number","description":"The number of replicas to create. Defaults to `1`.","description_kind":"markdown","optional":true},"size":{"type":"string","description":"The instance type of the elasticache instance.\nSee AWS documentation for the [available instance types](https://docs.aws.amazon.com/AmazonElastiCache/latest/red-ug/CacheNodes.SupportedTypes.html).","description_kind":"markdown","required":true},"tenant_id":{"type":"string","description":"The GUID of the tenant that the elasticache instance will be created in.","description_kind":"markdown","required":true}},"block_types":{"timeouts":{"nesting_mode":"single","block":{"attributes":{"create":{"type":"string","description_kind":"plain","optional":true},"delete":{"type":"string","description_kind":"plain","optional":true},"update":{"type":"string","description_kind":"plain","optional":true}},"description_kind":"plain"}}},"description":"`duplocloud_ecache_instance` manages an ElastiCache instance in Duplo.","description_kind":"markdown"}},"duplocloud_ecs_service":{"version":0,"block":{"attributes":{"dns_prfx":{"type":"string","description":"The DNS prefix to assign to this service's load balancer.","description_kind":"markdown","optional":true},"health_check_grace_period_seconds":{"type":"number","description":"Defaults to `0`.","description_kind":"markdown","optional":true},"id":{"type":"string","description_kind":"plain","optional":true,"computed":true},"is_target_group_only":{"type":"bool","description":"Defaults to `false`.","description_kind":"markdown","optional":true},"name":{"type":"string","description":"The name of the service to create.","description_kind":"markdown","required":true},"old_task_definition_buffer_size":{"type":"number","description":"The number of older task definitions to retain in AWS. Defaults to `10`.","description_kind":"markdown","optional":true},"replicas":{"type":"number","description":"The number of container replicas to create.","description_kind":"markdown","required":true},"task_definition":{"type":"string","description":"The ARN of the task definition to use.","description_kind":"markdown","required":true},"tenant_id":{"type":"string","description":"The GUID of the tenant that the service will be created in.","description_kind":"markdown","required":true}},"block_types":{"load_balancer":{"nesting_mode":"list","block":{"attributes":{"backend_protocol":{"type":"string","description":"The backend protocol associated with this load balancer configuration.","description_kind":"markdown","optional":true,"computed":true},"certificate_arn":{"type":"string","description":"The ARN of an ACM certificate to associate with this load balancer.  Only applicable for HTTPS.","description_kind":"markdown","optional":true},"drop_invalid_headers":{"type":"bool","description":"Whether or not to drop invalid HTTP headers received by the load balancer.","description_kind":"markdown","optional":true,"computed":true},"enable_access_logs":{"type":"bool","description":"Whether or not to enable access logs.  When enabled, Duplo will send access logs to a centralized S3 bucket per plan","description_kind":"markdown","optional":true,"computed":true},"external_port":{"type":"number","description":"The frontend port associated with this load balancer configuration.","description_kind":"markdown","required":true},"health_check_url":{"type":"string","description":"The health check URL to associate with this load balancer configuration.","description_kind":"markdown","optional":true},"is_internal":{"type":"bool","description":"Whether or not to create an internal load balancer. Defaults to `false`.","description_kind":"markdown","optional":true},"lb_type":{"type":"number","description":"The numerical index of the type of load balancer configuration to create.\nShould be one of:\n\n   - `0` : ELB (Classic Load Balancer)\n   - `1` : ALB (Application Load Balancer)\n   - `2` : Health-check Only (No Load Balancer)","description_kind":"markdown","required":true},"load_balancer_arn":{"type":"string","description":"The load balancer ARN.","description_kind":"markdown","computed":true},"load_balancer_name":{"type":"string","description":"The load balancer name.","description_kind":"markdown","computed":true},"port":{"type":"string","description":"The backend port associated with this load balancer configuration.","description_kind":"markdown","required":true},"protocol":{"type":"string","description":"The frontend protocol associated with this load balancer configuration.","description_kind":"markdown","required":true},"replication_controller_name":{"type":"string","description_kind":"plain","computed":true},"webaclid":{"type":"string","description":"The ARN of a web application firewall to associate this load balancer.","description_kind":"markdown","optional":true,"computed":true}},"description":"Zero or more load balancer configurations to associate with this service.","description_kind":"markdown"},"max_items":1},"timeouts":{"nesting_mode":"single","block":{"attributes":{"create":{"type":"string","description_kind":"plain","optional":true},"delete":{"type":"string","description_kind":"plain","optional":true},"update":{"type":"string","description_kind":"plain","optional":true}},"description_kind":"plain"}}},"description":"`duplocloud_ecs_service` manages a Amazon ECS service in Duplo.","description_kind":"markdown"}},"duplocloud_ecs_task_definition":{"version":0,"block":{"attributes":{"arn":{"type":"string","description":"The ARN of the task definition.","description_kind":"markdown","computed":true},"container_definitions":{"type":"string","description_kind":"plain","required":true},"cpu":{"type":"string","description_kind":"plain","optional":true},"execution_role_arn":{"type":"string","description_kind":"plain","computed":true},"family":{"type":"string","description":"The name of the task definition to create.","description_kind":"markdown","required":true},"id":{"type":"string","description_kind":"plain","optional":true,"computed":true},"ipc_mode":{"type":"string","description_kind":"plain","optional":true},"memory":{"type":"string","description_kind":"plain","optional":true},"network_mode":{"type":"string","description":"Defaults to `awsvpc`.","description_kind":"markdown","optional":true},"pid_mode":{"type":"string","description_kind":"plain","optional":true},"requires_compatibilities":{"type":["set","string"],"description_kind":"plain","optional":true},"revision":{"type":"number","description":"The current revision of the task definition.","description_kind":"markdown","computed":true},"status":{"type":"string","description":"The status of the task definition.","description_kind":"markdown","computed":true},"tags":{"type":["list",["object",{"key":"string","value":"string"}]],"description_kind":"plain","computed":true},"task_role_arn":{"type":"string","description_kind":"plain","computed":true},"tenant_id":{"type":"string","description":"The GUID of the tenant that the task definition will be created in.","description_kind":"markdown","required":true},"volumes":{"type":"string","description":"Defaults to `[]`.","description_kind":"markdown","optional":true}},"block_types":{"inference_accelerator":{"nesting_mode":"set","block":{"attributes":{"device_name":{"type":"string","description_kind":"plain","required":true},"device_type":{"type":"string","description_kind":"plain","required":true}},"description_kind":"plain"}},"placement_constraints":{"nesting_mode":"set","block":{"attributes":{"expression":{"type":"string","description_kind":"plain","optional":true},"type":{"type":"string","description_kind":"plain","required":true}},"description_kind":"plain"},"max_items":10},"proxy_configuration":{"nesting_mode":"list","block":{"attributes":{"container_name":{"type":"string","description_kind":"plain","required":true},"properties":{"type":["map","string"],"description_kind":"plain","optional":true},"type":{"type":"string","description":"Defaults to `APPMESH`.","description_kind":"markdown","optional":true}},"description_kind":"plain"},"max_items":1},"requires_attributes":{"nesting_mode":"set","block":{"attributes":{"name":{"type":"string","description_kind":"plain","required":true}},"description_kind":"plain"}},"timeouts":{"nesting_mode":"single","block":{"attributes":{"create":{"type":"string","description_kind":"plain","optional":true},"delete":{"type":"string","description_kind":"plain","optional":true},"update":{"type":"string","description_kind":"plain","optional":true}},"description_kind":"plain"}}},"description":"`duplocloud_ecs_task_definition` manages a Amazon ECS task definition in Duplo.","description_kind":"markdown"}},"duplocloud_emr_cluster":{"version":0,"block":{"attributes":{"additional_info":{"type":"string","description":"Emr - additional_info.","description_kind":"markdown","optional":true},"additional_info_hash":{"type":"string","description_kind":"plain","computed":true},"applications":{"type":"string","description":"Emr - list of applications to be installed.","description_kind":"markdown","optional":true},"applications_hash":{"type":"string","description_kind":"plain","computed":true},"arn":{"type":"string","description":"The ARN of the emrCluster.","description_kind":"markdown","optional":true,"computed":true},"bootstrap_actions":{"type":"string","description":"Emr - list of bootstrap_actions to be installed.","description_kind":"markdown","optional":true},"bootstrap_actions_hash":{"type":"string","description_kind":"plain","computed":true},"configurations":{"type":"string","description":"Emr - list of application configurations to be updated.","description_kind":"markdown","optional":true},"configurations_hash":{"type":"string","description_kind":"plain","computed":true},"custom_ami_id":{"type":"string","description":"EMR CustomAmiId.","description_kind":"markdown","optional":true},"ebs_root_volume_size":{"type":"number","description":"Emr Cluster Ec2 ebs_root_volume_size settings.","description_kind":"markdown","optional":true},"full_name":{"type":"string","description":"full_name - Duplo will add a prefix to the name.","description_kind":"markdown","optional":true,"computed":true},"id":{"type":"string","description_kind":"plain","optional":true,"computed":true},"instance_count":{"type":"number","description":"Emr Instance Count.","description_kind":"markdown","optional":true},"instance_fleets":{"type":"string","description":"Emr - instance_fleets.","description_kind":"markdown","optional":true},"instance_fleets_hash":{"type":"string","description_kind":"plain","computed":true},"instance_groups":{"type":"string","description":"Emr - instance_groups.","description_kind":"markdown","optional":true},"instance_groups_hash":{"type":"string","description_kind":"plain","computed":true},"job_flow_id":{"type":"string","description":"job flow id.","description_kind":"markdown","optional":true,"computed":true},"keep_job_flow_alive_when_no_steps":{"type":"bool","description":"Keep Job Flow Alive When No Steps. Emr Cluster will be terminated if true. Defaults to `true`.","description_kind":"markdown","optional":true},"log_uri":{"type":"string","description":"S3 bucket path for logs.","description_kind":"markdown","optional":true},"managed_scaling_policy":{"type":"string","description":"Emr - managed_scaling_policy.","description_kind":"markdown","optional":true},"managed_scaling_policy_hash":{"type":"string","description_kind":"plain","computed":true},"master_instance_type":{"type":"string","description":"Emr MasterInstanceType. Supported InstanceTypes e.g. m4.large","description_kind":"markdown","optional":true},"name":{"type":"string","description":"The short name of the emrCluster.  Duplo will add a prefix to the name.  You can retrieve the full name from the `fullname` attribute.","description_kind":"markdown","required":true},"release_label":{"type":"string","description":"EMR ReleaseLabel.","description_kind":"markdown","required":true},"scale_down_behavior":{"type":"string","description":"Emr scale_down_behavior. Specifies the way that individual Amazon EC2 instances terminate when an automatic scale-in activity occurs or an instance group is resized.","description_kind":"markdown","optional":true},"slave_instance_type":{"type":"string","description":"Emr SlaveInstanceType. Supported InstanceTypes e.g. m4.large","description_kind":"markdown","optional":true},"status":{"type":"string","description":"The status of the emrCluster.","description_kind":"markdown","optional":true,"computed":true},"step_concurrency_level":{"type":"number","description":"Emr Cluster step_concurrency_level settings. Defaults to `1`.","description_kind":"markdown","optional":true},"steps":{"type":"string","description":"Emr - list of steps to be run after cluster is ready.","description_kind":"markdown","optional":true},"steps_hash":{"type":"string","description_kind":"plain","computed":true},"tenant_id":{"type":"string","description":"The GUID of the tenant that the emrCluster will be created in.","description_kind":"markdown","required":true},"termination_protection":{"type":"bool","description":"Emr termination protection setting.","description_kind":"markdown","optional":true},"visible_to_all_users":{"type":"bool","description":"Emr Cluster visible to all users settings.","description_kind":"markdown","optional":true}},"block_types":{"timeouts":{"nesting_mode":"single","block":{"attributes":{"create":{"type":"string","description_kind":"plain","optional":true},"delete":{"type":"string","description_kind":"plain","optional":true}},"description_kind":"plain"}}},"description":"`duplocloud_emr_cluster` manages an AWS emrCluster in Duplo.","description_kind":"markdown"}},"duplocloud_gcp_cloud_function":{"version":0,"block":{"attributes":{"allow_unauthenticated":{"type":"bool","description":"Whether or not to allow unauthenticated invocations. Defaults to `false`.","description_kind":"markdown","optional":true},"available_memory_mb":{"type":"number","description":"The amount of memory available to the cloud function. Defaults to `256`.","description_kind":"markdown","optional":true},"build_environment_variables":{"type":["map","string"],"description":"The build environment variables for this cloud function.","description_kind":"markdown","optional":true,"computed":true},"build_id":{"type":"string","description":"The ID of the cloud build that built the cloud function.","description_kind":"markdown","computed":true},"description":{"type":"string","description":"The description of the cloud function.","description_kind":"markdown","optional":true,"computed":true},"entrypoint":{"type":"string","description":"The entry point of the cloud function.","description_kind":"markdown","required":true},"environment_variables":{"type":["map","string"],"description":"The environment variables for this cloud function.","description_kind":"markdown","optional":true,"computed":true},"fullname":{"type":"string","description":"The full name of the cloud function.","description_kind":"markdown","computed":true},"id":{"type":"string","description_kind":"plain","optional":true,"computed":true},"ingress_type":{"type":"number","description":"The numerical index of ingress type to use for this cloud function.\nShould be one of:\n\n   - `1` : Allow all\n   - `2` : Allow internal traffic\n   - `3` : Allow internal traffic and GCP load balancing\n Defaults to `1`.","description_kind":"markdown","optional":true},"labels":{"type":["map","string"],"description":"The labels assigned to this cloud function.","description_kind":"markdown","optional":true,"computed":true},"name":{"type":"string","description":"The short name of the cloud function.  Duplo will add a prefix to the name.  You can retrieve the full name from the `fullname` attribute.","description_kind":"markdown","required":true},"require_https":{"type":"bool","description":"Whether or not to require HTTPS. Defaults to `true`.","description_kind":"markdown","optional":true},"runtime":{"type":"string","description":"The runtime of the cloud function.\nShould be one of:\n\n - `nodejs10` : Node.js 10\n - `nodejs12` : Node.js 12\n - `nodejs14` : Node.js 14\n - `python37` : Python 3.7\n - `python38` : Python 3.8\n - `python39` : Python 3.9\n - `go111` :    Go 1.11\n - `go113` :    Go 1.13\n - `java11` :   Java 11\n - `dotnet3` :  .NET Framework 3\n - `ruby26` :   Ruby 2.6\n - `ruby27` :   Ruby 2.7\n - `nodejs6` :  Node.js 6 (deprecated)\n - `nodejs8` :  Node.js 8 (deprecated)","description_kind":"markdown","required":true},"self_link":{"type":"string","description":"The SelfLink of the cloud function.","description_kind":"markdown","computed":true},"source_archive_url":{"type":"string","description":"The cloud storage URL where the cloud function package is located.","description_kind":"markdown","required":true},"tenant_id":{"type":"string","description":"The GUID of the tenant that the cloud function will be created in.","description_kind":"markdown","required":true},"timeout":{"type":"number","description":"The execution time limit for the cloud function. Defaults to `60`.","description_kind":"markdown","optional":true},"version_id":{"type":"number","description":"The current version of the cloud function.","description_kind":"markdown","computed":true},"vpc_networking_type":{"type":"number","description":"The numerical index of the VPC networking type to use for this cloud function.\nShould be one of:\n\n   - `0` : All traffic through the VPC\n   - `1` : Only private traffic through the VPC\n   - `2` : No VPC networking\n Defaults to `0`.","description_kind":"markdown","optional":true}},"block_types":{"event_trigger":{"nesting_mode":"list","block":{"attributes":{"event_type":{"type":"string","description":"The type of event that will trigger the function","description_kind":"markdown","required":true},"resource":{"type":"string","description":"The resource that will trigger the function","description_kind":"markdown","optional":true,"computed":true},"service":{"type":"string","description":"The service that will trigger the function","description_kind":"markdown","optional":true,"computed":true}},"description":"Specifies an event trigger for the cloud function.","description_kind":"markdown"},"max_items":1},"https_trigger":{"nesting_mode":"list","block":{"attributes":{"enabled":{"type":"bool","description":"Must be set to `true`. Defaults to `true`.","description_kind":"markdown","optional":true},"security_level":{"type":"string","description":"The security level of the HTTPS trigger","description_kind":"markdown","computed":true},"url":{"type":"string","description":"The URL of the HTTPS trigger","description_kind":"markdown","computed":true}},"description":"Specifies an HTTPS trigger for the cloud function.","description_kind":"markdown"},"max_items":1},"timeouts":{"nesting_mode":"single","block":{"attributes":{"create":{"type":"string","description_kind":"plain","optional":true},"delete":{"type":"string","description_kind":"plain","optional":true},"update":{"type":"string","description_kind":"plain","optional":true}},"description_kind":"plain"}}},"description":"`duplocloud_gcp_cloud_function` manages a GCP cloud function in Duplo.","description_kind":"markdown"}},"duplocloud_gcp_pubsub_topic":{"version":0,"block":{"attributes":{"fullname":{"type":"string","description":"The full name of the pubsub topic.","description_kind":"markdown","computed":true},"id":{"type":"string","description_kind":"plain","optional":true,"computed":true},"labels":{"type":["map","string"],"description":"The labels assigned to this pubsub topic.","description_kind":"markdown","optional":true,"computed":true},"name":{"type":"string","description":"The short name of the pubsub topic.  Duplo will add a prefix to the name.  You can retrieve the full name from the `fullname` attribute.","description_kind":"markdown","required":true},"self_link":{"type":"string","description":"The SelfLink of the pubsub topic.","description_kind":"markdown","computed":true},"tenant_id":{"type":"string","description":"The GUID of the tenant that the pubsub topic will be created in.","description_kind":"markdown","required":true}},"block_types":{"timeouts":{"nesting_mode":"single","block":{"attributes":{"create":{"type":"string","description_kind":"plain","optional":true},"delete":{"type":"string","description_kind":"plain","optional":true},"update":{"type":"string","description_kind":"plain","optional":true}},"description_kind":"plain"}}},"description":"`duplocloud_gcp_pubsub_topic` manages a GCP pubsub topic in Duplo.","description_kind":"markdown"}},"duplocloud_gcp_scheduler_job":{"version":0,"block":{"attributes":{"attempt_deadline":{"type":"string","description":"The attempt deadline for the scheduler job.","description_kind":"markdown","optional":true,"computed":true},"description":{"type":"string","description":"The description of the scheduler job.","description_kind":"markdown","optional":true,"computed":true},"fullname":{"type":"string","description":"The full name of the scheduler job.","description_kind":"markdown","computed":true},"id":{"type":"string","description_kind":"plain","optional":true,"computed":true},"name":{"type":"string","description":"The short name of the scheduler job.  Duplo will add a prefix to the name.  You can retrieve the full name from the `fullname` attribute.","description_kind":"markdown","required":true},"schedule":{"type":"string","description":"The desired schedule, in cron format.","description_kind":"markdown","required":true},"self_link":{"type":"string","description":"The SelfLink of the scheduler job.","description_kind":"markdown","computed":true},"tenant_id":{"type":"string","description":"The GUID of the tenant that the scheduler job will be created in.","description_kind":"markdown","required":true},"timezone":{"type":"string","description":"The timezone used to determine the schedule, in UNIX format","description_kind":"markdown","required":true}},"block_types":{"app_engine_target":{"nesting_mode":"list","block":{"attributes":{"body":{"type":"string","description":"The HTTP request body to send.","description_kind":"markdown","optional":true,"computed":true},"headers":{"type":["map","string"],"description":"The HTTP headers to send.","description_kind":"markdown","optional":true,"computed":true},"method":{"type":"string","description":"The HTTP method to use.","description_kind":"markdown","required":true},"relative_uri":{"type":"string","description":"The relative URI.","description_kind":"markdown","required":true}},"block_types":{"routing":{"nesting_mode":"list","block":{"attributes":{"host":{"type":"string","description":"The App Engine host.","description_kind":"markdown","optional":true,"computed":true},"instance":{"type":"string","description":"The App Engine instance.","description_kind":"markdown","optional":true,"computed":true},"service":{"type":"string","description":"The App Engine service.","description_kind":"markdown","optional":true,"computed":true},"version":{"type":"string","description":"The App Engine service version.","description_kind":"markdown","optional":true,"computed":true}},"description":"Specifies App Engine routing.","description_kind":"markdown"},"max_items":1}},"description":"Specifies an App Engine target for the scheduler job.","description_kind":"markdown"},"max_items":1},"http_target":{"nesting_mode":"list","block":{"attributes":{"body":{"type":"string","description":"The HTTP request body to send.","description_kind":"markdown","optional":true,"computed":true},"headers":{"type":["map","string"],"description":"The HTTP headers to send.","description_kind":"markdown","optional":true,"computed":true},"method":{"type":"string","description":"The HTTP method to use.","description_kind":"markdown","required":true},"uri":{"type":"string","description":"The request URI.","description_kind":"markdown","required":true}},"block_types":{"oauth_token":{"nesting_mode":"list","block":{"attributes":{"enabled":{"type":"bool","description":"Must be set to `true`. Defaults to `true`.","description_kind":"markdown","optional":true},"scope":{"type":"string","description":"The OAuth token scope.","description_kind":"markdown","optional":true,"computed":true},"service_account_email":{"type":"string","description":"The OAuth token service account email.","description_kind":"markdown","computed":true}},"description":"Specifies OAuth authentication.","description_kind":"markdown"},"max_items":1},"oidc_token":{"nesting_mode":"list","block":{"attributes":{"audience":{"type":"string","description":"The OIDC token audience.","description_kind":"markdown","optional":true,"computed":true},"enabled":{"type":"bool","description":"Must be set to `true`. Defaults to `true`.","description_kind":"markdown","optional":true},"service_account_email":{"type":"string","description":"The OIDC token service account email.","description_kind":"markdown","computed":true}},"description":"Specifies OIDC authentication.","description_kind":"markdown"},"max_items":1}},"description":"Specifies an HTTP target for the scheduler job.","description_kind":"markdown"},"max_items":1},"pubsub_target":{"nesting_mode":"list","block":{"attributes":{"attributes":{"type":["map","string"],"description":"The attributes to send to the pubsub target.","description_kind":"markdown","optional":true},"data":{"type":"string","description":"The data to send to the pubsub topic.","description_kind":"markdown","optional":true,"computed":true},"topic_name":{"type":"string","description":"The name of the topic to target","description_kind":"markdown","required":true}},"description":"Specifies a pubsub target for the scheduler job.","description_kind":"markdown"},"max_items":1},"timeouts":{"nesting_mode":"single","block":{"attributes":{"create":{"type":"string","description_kind":"plain","optional":true},"delete":{"type":"string","description_kind":"plain","optional":true},"update":{"type":"string","description_kind":"plain","optional":true}},"description_kind":"plain"}}},"description":"`duplocloud_gcp_scheduler_job` manages a GCP scheduler job in Duplo.","description_kind":"markdown"}},"duplocloud_gcp_storage_bucket":{"version":0,"block":{"attributes":{"allow_public_access":{"type":"bool","description":"Whether or not public access might be allowed for the storage bucket. Defaults to `false`.","description_kind":"markdown","optional":true},"enable_versioning":{"type":"bool","description":"Whether or not versioning is enabled for the storage bucket. Defaults to `false`.","description_kind":"markdown","optional":true},"fullname":{"type":"string","description":"The full name of the storage bucket.","description_kind":"markdown","computed":true},"id":{"type":"string","description_kind":"plain","optional":true,"computed":true},"labels":{"type":["map","string"],"description":"The labels assigned to this storage bucket.","description_kind":"markdown","optional":true,"computed":true},"name":{"type":"string","description":"The short name of the storage bucket.  Duplo will add a prefix to the name.  You can retrieve the full name from the `fullname` attribute.","description_kind":"markdown","required":true},"self_link":{"type":"string","description":"The SelfLink of the storage bucket.","description_kind":"markdown","computed":true},"tenant_id":{"type":"string","description":"The GUID of the tenant that the storage bucket will be created in.","description_kind":"markdown","required":true}},"block_types":{"timeouts":{"nesting_mode":"single","block":{"attributes":{"create":{"type":"string","description_kind":"plain","optional":true},"delete":{"type":"string","description_kind":"plain","optional":true},"update":{"type":"string","description_kind":"plain","optional":true}},"description_kind":"plain"}}},"description":"`duplocloud_gcp_storage_bucket` manages a GCP storage bucket in Duplo.","description_kind":"markdown"}},"duplocloud_infrastructure":{"version":0,"block":{"attributes":{"account_id":{"type":"string","description":"The cloud account ID.","description_kind":"markdown","computed":true},"address_prefix":{"type":"string","description":"The CIDR to use for the VPC or VNet.","description_kind":"markdown","required":true},"azcount":{"type":"number","description":"The number of availability zones.  Must be one of: `2`, `3`, or `4`.","description_kind":"markdown","required":true},"cloud":{"type":"number","description":"The numerical index of cloud provider to use for the infrastructure.\nShould be one of:\n\n   - `0` : AWS\n   - `2` : Azure\n Defaults to `0`.","description_kind":"markdown","optional":true},"enable_k8_cluster":{"type":"bool","description":"Whether or not to provision a kubernetes cluster.","description_kind":"markdown","required":true},"id":{"type":"string","description_kind":"plain","optional":true,"computed":true},"infra_name":{"type":"string","description":"The name of the infrastructure.  Infrastructure names are globally unique and less than 13 characters.","description_kind":"markdown","required":true},"private_subnets":{"type":["set",["object",{"cidr_block":"string","id":"string","name":"string","tags":["list",["object",{"key":"string","value":"string"}]],"type":"string","zone":"string"}]],"description":"The private subnets for the VPC or VNet.","description_kind":"markdown","computed":true},"public_subnets":{"type":["set",["object",{"cidr_block":"string","id":"string","name":"string","tags":["list",["object",{"key":"string","value":"string"}]],"type":"string","zone":"string"}]],"description":"The public subnets for the VPC or VNet.","description_kind":"markdown","computed":true},"region":{"type":"string","description":"The cloud provider region.  The Duplo portal must have already been configured to support this region.","description_kind":"markdown","required":true},"status":{"type":"string","description":"The status of the infrastructure.","description_kind":"markdown","computed":true},"subnet_cidr":{"type":"number","description":"The CIDR subnet size (in bits) for the automatically created subnets.","description_kind":"markdown","required":true},"vpc_id":{"type":"string","description":"The VPC or VNet ID.","description_kind":"markdown","computed":true},"vpc_name":{"type":"string","description":"The VPC or VNet name.","description_kind":"markdown","computed":true}},"block_types":{"timeouts":{"nesting_mode":"single","block":{"attributes":{"create":{"type":"string","description_kind":"plain","optional":true},"delete":{"type":"string","description_kind":"plain","optional":true},"update":{"type":"string","description_kind":"plain","optional":true}},"description_kind":"plain"}}},"description":"`duplocloud_infrastructure` manages a tenant in Duplo.","description_kind":"markdown"}},"duplocloud_infrastructure_subnet":{"version":0,"block":{"attributes":{"cidr_block":{"type":"string","description_kind":"plain","required":true},"id":{"type":"string","description_kind":"plain","optional":true,"computed":true},"infra_name":{"type":"string","description_kind":"plain","required":true},"name":{"type":"string","description_kind":"plain","required":true},"subnet_id":{"type":"string","description_kind":"plain","computed":true},"subnet_name":{"type":"string","description_kind":"plain","computed":true},"tags":{"type":["map","string"],"description_kind":"plain","optional":true},"tags_all":{"type":["map","string"],"description_kind":"plain","computed":true},"type":{"type":"string","description_kind":"plain","required":true},"zone":{"type":"string","description_kind":"plain","required":true}},"block_types":{"timeouts":{"nesting_mode":"single","block":{"attributes":{"create":{"type":"string","description_kind":"plain","optional":true},"delete":{"type":"string","description_kind":"plain","optional":true},"update":{"type":"string","description_kind":"plain","optional":true}},"description_kind":"plain"}}},"description_kind":"plain"}},"duplocloud_k8_config_map":{"version":0,"block":{"attributes":{"data":{"type":"string","description":"A JSON encoded string representing the configmap data. You can use the `jsonencode()` function to build this from JSON.","description_kind":"markdown","required":true},"id":{"type":"string","description_kind":"plain","optional":true,"computed":true},"metadata":{"type":"string","description":"A JSON encoded string representing the configmap metadata. You can use the `jsondecode()` function to parse this, if needed.","description_kind":"markdown","computed":true},"name":{"type":"string","description":"The name of the configmap.","description_kind":"markdown","required":true},"tenant_id":{"type":"string","description":"The GUID of the tenant that the configmap will be created in.","description_kind":"markdown","required":true}},"block_types":{"timeouts":{"nesting_mode":"single","block":{"attributes":{"create":{"type":"string","description_kind":"plain","optional":true},"delete":{"type":"string","description_kind":"plain","optional":true},"update":{"type":"string","description_kind":"plain","optional":true}},"description_kind":"plain"}}},"description":"`duplocloud_k8_config_map` manages a kubernetes configmap in a Duplo tenant.","description_kind":"markdown"}},"duplocloud_k8_secret":{"version":0,"block":{"attributes":{"client_secret_version":{"type":"string","description_kind":"plain","computed":true},"id":{"type":"string","description_kind":"plain","optional":true,"computed":true},"secret_data":{"type":"string","description":"A JSON encoded string representing the secret metadata. You can use the `jsonencode()` function to convert map or object data, if needed.","description_kind":"markdown","optional":true,"sensitive":true},"secret_name":{"type":"string","description":"The name of the secret.","description_kind":"markdown","required":true},"secret_type":{"type":"string","description":"The type of the secret.  Usually `\"Opaque\"`.","description_kind":"markdown","required":true},"secret_version":{"type":"string","description_kind":"plain","computed":true},"tenant_id":{"type":"string","description":"The GUID of the tenant that the secret will be created in.","description_kind":"markdown","required":true}},"block_types":{"timeouts":{"nesting_mode":"single","block":{"attributes":{"create":{"type":"string","description_kind":"plain","optional":true},"delete":{"type":"string","description_kind":"plain","optional":true},"update":{"type":"string","description_kind":"plain","optional":true}},"description_kind":"plain"}}},"description":"`duplocloud_k8_secret` manages a kubernetes secret in a Duplo tenant.","description_kind":"markdown"}},"duplocloud_plan_certificates":{"version":0,"block":{"attributes":{"certificates":{"type":["list",["object",{"arn":"string","id":"string","name":"string"}]],"description":"A complete list of certificates for this plan, even ones not being managed by this resource.","description_kind":"markdown","computed":true},"delete_unspecified_certificates":{"type":"bool","description":"Whether or not this resource should delete any certificates not specified by this resource. **WARNING:**  It is not recommended to change the default value of `false`. Defaults to `false`.","description_kind":"markdown","optional":true},"id":{"type":"string","description_kind":"plain","optional":true,"computed":true},"plan_id":{"type":"string","description":"The ID of the plan to configure.","description_kind":"markdown","required":true},"specified_certificates":{"type":["list","string"],"description":"A list of certificate names being managed by this resource.","description_kind":"markdown","computed":true}},"block_types":{"certificate":{"nesting_mode":"list","block":{"attributes":{"arn":{"type":"string","description_kind":"plain","computed":true},"id":{"type":"string","description_kind":"plain","required":true},"name":{"type":"string","description_kind":"plain","required":true}},"description":"A list of certificates to manage.","description_kind":"markdown"}},"timeouts":{"nesting_mode":"single","block":{"attributes":{"create":{"type":"string","description_kind":"plain","optional":true},"delete":{"type":"string","description_kind":"plain","optional":true},"update":{"type":"string","description_kind":"plain","optional":true}},"description_kind":"plain"}}},"description":"`duplocloud_plan_certificates` manages the list of certificates avaialble to a plan in Duplo.\n\nThis resource allows you take control of individual plan certificates for a specific plan.","description_kind":"markdown"}},"duplocloud_plan_configs":{"version":0,"block":{"attributes":{"configs":{"type":["list",["object",{"key":"string","type":"string","value":"string"}]],"description":"A complete list of configs for this plan, even ones not being managed by this resource.","description_kind":"markdown","computed":true},"delete_unspecified_configs":{"type":"bool","description":"Whether or not this resource should delete any configs not specified by this resource. **WARNING:**  It is not recommended to change the default value of `false`. Defaults to `false`.","description_kind":"markdown","optional":true},"id":{"type":"string","description_kind":"plain","optional":true,"computed":true},"plan_id":{"type":"string","description":"The ID of the plan to configure.","description_kind":"markdown","required":true},"specified_configs":{"type":["list","string"],"description":"A list of config keys being managed by this resource.","description_kind":"markdown","computed":true}},"block_types":{"config":{"nesting_mode":"list","block":{"attributes":{"key":{"type":"string","description_kind":"plain","required":true},"type":{"type":"string","description_kind":"plain","optional":true},"value":{"type":"string","description_kind":"plain","required":true}},"description":"A list of configs to manage.","description_kind":"markdown"}},"timeouts":{"nesting_mode":"single","block":{"attributes":{"create":{"type":"string","description_kind":"plain","optional":true},"delete":{"type":"string","description_kind":"plain","optional":true},"update":{"type":"string","description_kind":"plain","optional":true}},"description_kind":"plain"}}},"description":"`duplocloud_plan_configs` manages the list of configs avaialble to a plan in Duplo.\n\nThis resource allows you take control of individual configs for a specific plan.","description_kind":"markdown"}},"duplocloud_plan_images":{"version":0,"block":{"attributes":{"delete_unspecified_images":{"type":"bool","description":"Whether or not this resource should delete any images not specified by this resource. **WARNING:**  It is not recommended to change the default value of `false`. Defaults to `false`.","description_kind":"markdown","optional":true},"id":{"type":"string","description_kind":"plain","optional":true,"computed":true},"images":{"type":["list",["object",{"image_id":"string","name":"string","os":"string","tags":["list",["object",{"key":"string","value":"string"}]],"username":"string"}]],"description":"A complete list of images for this plan, even ones not being managed by this resource.","description_kind":"markdown","computed":true},"plan_id":{"type":"string","description":"The ID of the plan to configure.","description_kind":"markdown","required":true},"specified_images":{"type":["list","string"],"description":"A list of image names being managed by this resource.","description_kind":"markdown","computed":true}},"block_types":{"image":{"nesting_mode":"list","block":{"attributes":{"image_id":{"type":"string","description_kind":"plain","required":true},"name":{"type":"string","description_kind":"plain","required":true},"os":{"type":"string","description_kind":"plain","required":true},"tags":{"type":["list",["object",{"key":"string","value":"string"}]],"description_kind":"plain","computed":true},"username":{"type":"string","description_kind":"plain","required":true}},"description":"A list of images to manage.","description_kind":"markdown"}},"timeouts":{"nesting_mode":"single","block":{"attributes":{"create":{"type":"string","description_kind":"plain","optional":true},"delete":{"type":"string","description_kind":"plain","optional":true},"update":{"type":"string","description_kind":"plain","optional":true}},"description_kind":"plain"}}},"description":"`duplocloud_plan_images` manages the list of images avaialble to a plan in Duplo.\n\nThis resource allows you take control of individual images for a specific plan.","description_kind":"markdown"}},"duplocloud_rds_instance":{"version":0,"block":{"attributes":{"arn":{"type":"string","description":"The ARN of the RDS instance.","description_kind":"markdown","computed":true},"encrypt_storage":{"type":"bool","description":"Whether or not to encrypt the RDS instance storage.","description_kind":"markdown","optional":true},"endpoint":{"type":"string","description":"The endpoint of the RDS instance.","description_kind":"markdown","computed":true},"engine":{"type":"number","description":"The numerical index of database engine to use the for the RDS instance.\nShould be one of:\n\n   - `0` : MySQL\n   - `1` : PostgreSQL\n   - `2` : MsftSQL-Express\n   - `3` : MsftSQL-Standard\n   - `8` : Aurora-MySQL\n   - `9` : Aurora-PostgreSQL\n   - `10` : MsftSQL-Web\n   - `11` : Aurora-Serverless-MySql\n   - `12` : Aurora-Serverless-PostgreSql\n   - `13` : DocumentDB","description_kind":"markdown","required":true},"engine_version":{"type":"string","description":"The database engine version to use the for the RDS instance.\nIf you don't know the available engine versions for your RDS instance, you can use the [AWS CLI](https://docs.aws.amazon.com/cli/latest/reference/rds/describe-db-engine-versions.html) to retrieve a list.","description_kind":"markdown","optional":true,"computed":true},"host":{"type":"string","description":"The DNS hostname of the RDS instance.","description_kind":"markdown","computed":true},"id":{"type":"string","description_kind":"plain","optional":true,"computed":true},"identifier":{"type":"string","description":"The full name of the RDS instance.","description_kind":"markdown","computed":true},"instance_status":{"type":"string","description":"The current status of the RDS instance.","description_kind":"markdown","computed":true},"master_password":{"type":"string","description":"The master password of the RDS instance.","description_kind":"markdown","optional":true,"sensitive":true},"master_username":{"type":"string","description":"The master username of the RDS instance.","description_kind":"markdown","optional":true,"computed":true},"name":{"type":"string","description":"The short name of the RDS instance.  Duplo will add a prefix to the name.  You can retrieve the full name from the `identifier` attribute.","description_kind":"markdown","required":true},"parameter_group_name":{"type":"string","description":"A RDS parameter group name to apply to the RDS instance.","description_kind":"markdown","optional":true,"computed":true},"port":{"type":"number","description":"The listening port of the RDS instance.","description_kind":"markdown","computed":true},"size":{"type":"string","description":"The instance type of the RDS instance.\nSee AWS documentation for the [available instance types](https://aws.amazon.com/rds/instance-types/).","description_kind":"markdown","required":true},"snapshot_id":{"type":"string","description":"A database snapshot to initialize the RDS instance from, at launch.","description_kind":"markdown","optional":true},"store_details_in_secret_manager":{"type":"bool","description":"Whether or not to store RDS details in the AWS secrets manager.","description_kind":"markdown","optional":true},"tenant_id":{"type":"string","description":"The GUID of the tenant that the RDS instance will be created in.","description_kind":"markdown","required":true}},"block_types":{"timeouts":{"nesting_mode":"single","block":{"attributes":{"create":{"type":"string","description_kind":"plain","optional":true},"delete":{"type":"string","description_kind":"plain","optional":true},"update":{"type":"string","description_kind":"plain","optional":true}},"description_kind":"plain"}}},"description":"`duplocloud_rds_instance` manages an AWS RDS instance in Duplo.","description_kind":"markdown"}},"duplocloud_s3_bucket":{"version":0,"block":{"attributes":{"allow_public_access":{"type":"bool","description":"Whether or not to remove the public access block from the bucket.","description_kind":"markdown","optional":true,"computed":true},"arn":{"type":"string","description":"The ARN of the S3 bucket.","description_kind":"markdown","computed":true},"enable_access_logs":{"type":"bool","description":"Whether or not to enable access logs.  When enabled, Duplo will send access logs to a centralized S3 bucket per plan","description_kind":"markdown","optional":true,"computed":true},"enable_versioning":{"type":"bool","description":"Whether or not to enable versioning.","description_kind":"markdown","optional":true,"computed":true},"fullname":{"type":"string","description":"The full name of the S3 bucket.","description_kind":"markdown","computed":true},"id":{"type":"string","description_kind":"plain","optional":true,"computed":true},"managed_policies":{"type":["list","string"],"description":"Duplo can manage your S3 bucket policy for you, based on simple list of policy keywords:\n\n - `\"ssl\"`: Require SSL / HTTPS when accessing the bucket.\n - `\"ignore\"`: If this key is present, Duplo will not manage your bucket policy.","description_kind":"markdown","optional":true,"computed":true},"name":{"type":"string","description":"The short name of the S3 bucket.  Duplo will add a prefix to the name.  You can retrieve the full name from the `fullname` attribute.","description_kind":"markdown","required":true},"tags":{"type":["list",["object",{"key":"string","value":"string"}]],"description_kind":"plain","computed":true},"tenant_id":{"type":"string","description":"The GUID of the tenant that the S3 bucket will be created in.","description_kind":"markdown","required":true}},"block_types":{"default_encryption":{"nesting_mode":"list","block":{"attributes":{"method":{"type":"string","description":"Default encryption method.  Must be one of: `None`, `Sse`, `AwsKms`, `TenantKms`. Defaults to `Sse`.","description_kind":"markdown","optional":true}},"description":"Default encryption settings for objects uploaded to the bucket.","description_kind":"markdown"},"max_items":1},"timeouts":{"nesting_mode":"single","block":{"attributes":{"create":{"type":"string","description_kind":"plain","optional":true},"delete":{"type":"string","description_kind":"plain","optional":true}},"description_kind":"plain"}}},"description_kind":"plain"}},"duplocloud_tenant":{"version":0,"block":{"attributes":{"account_name":{"type":"string","description":"The name of the tenant.  Tenant names are globally unique, less than 13 characters, and cannot be a prefix of any other tenant name.","description_kind":"markdown","required":true},"id":{"type":"string","description_kind":"plain","optional":true,"computed":true},"infra_owner":{"type":"string","description_kind":"plain","computed":true},"plan_id":{"type":"string","description":"The name of the plan under which the tenant will be created.","description_kind":"markdown","required":true},"policy":{"type":["list",["object",{"allow_volume_mapping":"bool","block_external_ep":"bool"}]],"description_kind":"plain","computed":true},"tags":{"type":["list",["object",{"key":"string","value":"string"}]],"description_kind":"plain","computed":true},"tenant_id":{"type":"string","description":"A GUID identifying the tenant.  This is automatically generated by Duplo.","description_kind":"markdown","computed":true}},"block_types":{"timeouts":{"nesting_mode":"single","block":{"attributes":{"create":{"type":"string","description_kind":"plain","optional":true},"delete":{"type":"string","description_kind":"plain","optional":true},"update":{"type":"string","description_kind":"plain","optional":true}},"description_kind":"plain"}}},"description":"`duplocloud_tenant` manages a tenant in Duplo.","description_kind":"markdown"}},"duplocloud_tenant_config":{"version":0,"block":{"attributes":{"delete_unspecified_settings":{"type":"bool","description":"Whether or not this resource should delete any settings not specified by this resource. **WARNING:**  It is not recommended to change the default value of `false`. Defaults to `false`.","description_kind":"markdown","optional":true},"id":{"type":"string","description_kind":"plain","optional":true,"computed":true},"metadata":{"type":["list",["object",{"key":"string","value":"string"}]],"description":"A complete list of configuration settings for this tenant, even ones not being managed by this resource.","description_kind":"markdown","computed":true},"specified_settings":{"type":["list","string"],"description":"A list of configuration setting key being managed by this resource.","description_kind":"markdown","computed":true},"tenant_id":{"type":"string","description":"The GUID of the tenant to configure.","description_kind":"markdown","required":true}},"block_types":{"setting":{"nesting_mode":"list","block":{"attributes":{"key":{"type":"string","description_kind":"plain","required":true},"value":{"type":"string","description_kind":"plain","required":true}},"description":"A list of configuration settings to manage, expressed as key / value pairs.","description_kind":"markdown"}},"timeouts":{"nesting_mode":"single","block":{"attributes":{"create":{"type":"string","description_kind":"plain","optional":true},"delete":{"type":"string","description_kind":"plain","optional":true},"update":{"type":"string","description_kind":"plain","optional":true}},"description_kind":"plain"}}},"description":"`duplocloud_tenant_config` manages a tenant's configuration in Duplo.\n\nTenant configuration is initially populated by Duplo when a tenant is created.  This resource allows you take control of individual configuration settings for a specific tenant.","description_kind":"markdown"}},"duplocloud_tenant_network_security_rule":{"version":0,"block":{"attributes":{"description":{"type":"string","description":"A description for this rule.","description_kind":"markdown","required":true},"from_port":{"type":"number","description":"The start of a port range to allow traffic to. Defaults to `0`.","description_kind":"markdown","optional":true},"id":{"type":"string","description_kind":"plain","optional":true,"computed":true},"protocol":{"type":"string","description":"The network protocol.  Must be one of:  `tcp`, `udp`, `icmp` Defaults to `tcp`.","description_kind":"markdown","optional":true},"source_address":{"type":"string","description":"The source CIDR block to allow traffic from. Only one of `source_tenant` or `source_address` may be specified.","description_kind":"markdown","optional":true},"source_tenant":{"type":"string","description":"The source tenant name (*not* GUID) to allow traffic from. Only one of `source_tenant` or `source_address` may be specified.","description_kind":"markdown","optional":true},"tenant_id":{"type":"string","description":"The GUID of the tenant that the network security rule will be created in.","description_kind":"markdown","required":true},"to_port":{"type":"number","description":"The end of a port range to allow traffic to. Defaults to `65535`.","description_kind":"markdown","optional":true}},"block_types":{"timeouts":{"nesting_mode":"single","block":{"attributes":{"create":{"type":"string","description_kind":"plain","optional":true},"delete":{"type":"string","description_kind":"plain","optional":true},"update":{"type":"string","description_kind":"plain","optional":true}},"description_kind":"plain"}}},"description":"`duplocloud_tenant_network_security_rule` manages a single network single rule for a Duplo tenant.","description_kind":"markdown"}},"duplocloud_tenant_secret":{"version":0,"block":{"attributes":{"arn":{"type":"string","description":"The ARN of the created secret.","description_kind":"markdown","computed":true},"data":{"type":"string","description":"The plaintext secret data. You can use the `jsonencode()` function to store JSON data in this field.","description_kind":"markdown","required":true,"sensitive":true},"id":{"type":"string","description_kind":"plain","optional":true,"computed":true},"name":{"type":"string","description":"The full name of the secret.","description_kind":"markdown","computed":true},"name_suffix":{"type":"string","description":"The short name of the secret. You can get the fullname from the `name` attribute after creation.","description_kind":"markdown","required":true},"rotation_enabled":{"type":"bool","description":"Whether or not rotation is enabled for this secret.","description_kind":"markdown","computed":true},"tags":{"type":["list",["object",{"key":"string","value":"string"}]],"description":"A list of tags for this secret.","description_kind":"markdown","computed":true},"tenant_id":{"type":"string","description":"The GUID of the tenant that the secret will be created in.","description_kind":"markdown","required":true}},"block_types":{"timeouts":{"nesting_mode":"single","block":{"attributes":{"create":{"type":"string","description_kind":"plain","optional":true},"delete":{"type":"string","description_kind":"plain","optional":true}},"description_kind":"plain"}}},"description":"`duplocloud_tenant_secret` manages a tenant secret in Duplo.","description_kind":"markdown"}}},"data_source_schemas":{"duplocloud_admin_aws_credentials":{"version":0,"block":{"attributes":{"access_key_id":{"type":"string","description_kind":"plain","computed":true,"sensitive":true},"console_url":{"type":"string","description_kind":"plain","computed":true,"sensitive":true},"id":{"type":"string","description_kind":"plain","optional":true,"computed":true},"region":{"type":"string","description_kind":"plain","computed":true},"secret_access_key":{"type":"string","description_kind":"plain","computed":true,"sensitive":true},"session_token":{"type":"string","description_kind":"plain","computed":true,"sensitive":true}},"description_kind":"plain"}},"duplocloud_aws_account":{"version":0,"block":{"attributes":{"account_id":{"type":"string","description_kind":"plain","computed":true},"id":{"type":"string","description_kind":"plain","optional":true,"computed":true},"tenant_id":{"type":"string","description_kind":"plain","optional":true}},"description_kind":"plain"}},"duplocloud_aws_lb_listeners":{"version":0,"block":{"attributes":{"id":{"type":"string","description_kind":"plain","optional":true,"computed":true},"listeners":{"type":["list",["object",{"arn":"string","certificates":["list",["object",{"arn":"string","is_default":"bool"}]],"default_actions":["list",["object",{"order":"number","target_group_arn":"string","type":"string"}]],"load_balancer_arn":"string","load_balancer_name":"string","port":"number","protocol":"string","ssl_policy":"string","tenant_id":"string"}]],"description_kind":"plain","computed":true},"name":{"type":"string","description_kind":"plain","required":true},"tenant_id":{"type":"string","description_kind":"plain","required":true}},"description_kind":"plain"}},"duplocloud_aws_lb_target_groups":{"version":0,"block":{"attributes":{"id":{"type":"string","description_kind":"plain","optional":true,"computed":true},"target_groups":{"type":["list",["object",{"arn":"string","health_check":["list",["object",{"enabled":"bool","healthy_threshold":"number","interval":"number","matcher":["list",["object",{"grpc_code":"string","http_code":"string"}]],"path":"string","port":"string","protocol":"string","timeout":"number","unhealthy_threshold":"number"}]],"load_balancer_arns":["list","string"],"name":"string","protocol":"string","protocol_version":"string","target_type":"string","tenant_id":"string","vpc_id":"string"}]],"description_kind":"plain","computed":true},"tenant_id":{"type":"string","description_kind":"plain","required":true}},"description_kind":"plain"}},"duplocloud_duplo_service":{"version":0,"block":{"attributes":{"agent_platform":{"type":"number","description_kind":"plain","computed":true},"allocation_tags":{"type":"string","description_kind":"plain","computed":true},"cloud":{"type":"number","description_kind":"plain","computed":true},"commands":{"type":"string","description_kind":"plain","computed":true},"docker_image":{"type":"string","description_kind":"plain","computed":true},"extra_config":{"type":"string","description_kind":"plain","computed":true},"id":{"type":"string","description_kind":"plain","optional":true,"computed":true},"name":{"type":"string","description_kind":"plain","required":true},"other_docker_config":{"type":"string","description_kind":"plain","computed":true},"other_docker_host_config":{"type":"string","description_kind":"plain","computed":true},"replicas":{"type":"number","description_kind":"plain","computed":true},"replicas_matching_asg_name":{"type":"string","description_kind":"plain","computed":true},"tags":{"type":["list",["object",{"key":"string","value":"string"}]],"description_kind":"plain","computed":true},"tenant_id":{"type":"string","description_kind":"plain","required":true},"volumes":{"type":"string","description_kind":"plain","computed":true}},"description_kind":"plain"}},"duplocloud_duplo_service_lbconfigs":{"version":0,"block":{"attributes":{"id":{"type":"string","description_kind":"plain","optional":true,"computed":true},"name":{"type":"string","description_kind":"plain","optional":true},"services":{"type":["list",["object",{"arn":"string","lbconfigs":["list",["object",{"certificate_arn":"string","external_port":"number","health_check_url":"string","is_internal":"bool","is_native":"bool","lb_type":"number","name":"string","port":"string","protocol":"string","replication_controller_name":"string"}]],"replication_controller_name":"string","status":"string"}]],"description_kind":"plain","computed":true},"tenant_id":{"type":"string","description_kind":"plain","required":true}},"description_kind":"plain"}},"duplocloud_duplo_service_params":{"version":0,"block":{"attributes":{"dns_prfx":{"type":"string","description_kind":"plain","optional":true},"id":{"type":"string","description_kind":"plain","optional":true,"computed":true},"replication_controller_name":{"type":"string","description_kind":"plain","optional":true},"result":{"type":["list",["object",{"dns_prfx":"string","replication_controller_name":"string","tenant_id":"string","webaclid":"string"}]],"description_kind":"plain","computed":true},"tenant_id":{"type":"string","description_kind":"plain","required":true},"webaclid":{"type":"string","description_kind":"plain","optional":true}},"description_kind":"plain"}},"duplocloud_duplo_services":{"version":0,"block":{"attributes":{"id":{"type":"string","description_kind":"plain","optional":true,"computed":true},"services":{"type":["list",["object",{"agent_platform":"number","allocation_tags":"string","cloud":"number","commands":"string","docker_image":"string","extra_config":"string","name":"string","other_docker_config":"string","other_docker_host_config":"string","replicas":"number","replicas_matching_asg_name":"string","tags":["list",["object",{"key":"string","value":"string"}]],"tenant_id":"string","volumes":"string"}]],"description_kind":"plain","computed":true},"tenant_id":{"type":"string","description_kind":"plain","required":true}},"description_kind":"plain"}},"duplocloud_eks_credentials":{"version":0,"block":{"attributes":{"ca_certificate_data":{"type":"string","description_kind":"plain","computed":true},"endpoint":{"type":"string","description_kind":"plain","computed":true},"id":{"type":"string","description_kind":"plain","optional":true,"computed":true},"name":{"type":"string","description_kind":"plain","computed":true},"plan_id":{"type":"string","description_kind":"plain","required":true},"region":{"type":"string","description_kind":"plain","computed":true},"token":{"type":"string","description_kind":"plain","computed":true,"sensitive":true}},"description_kind":"plain"}},"duplocloud_emr_cluster":{"version":0,"block":{"attributes":{"data":{"type":["list",["object",{"arn":"string","job_flow_id":"string","name":"string","status":"string","tenant_id":"string"}]],"description":"The list of native hosts.","description_kind":"markdown","computed":true},"id":{"type":"string","description_kind":"plain","optional":true,"computed":true},"tenant_id":{"type":"string","description":"The GUID of the tenant in which to list the hosts.","description_kind":"markdown","required":true}},"description":"`duplocloud_emr_cluster` lists EmrClusters in a Duplo tenant.","description_kind":"markdown"}},"duplocloud_infrastructure":{"version":0,"block":{"attributes":{"account_id":{"type":"string","description":"The cloud account ID.","description_kind":"markdown","computed":true},"address_prefix":{"type":"string","description":"The CIDR for the VPC or VNet.","description_kind":"markdown","computed":true},"azcount":{"type":"number","description":"The number of availability zones.  Will be one of: `2`, `3`, or `4`.","description_kind":"markdown","computed":true},"cloud":{"type":"number","description":"The numerical index of cloud provider to use for the infrastructure.\nWill be one of:\n\n   - `0` : AWS\n   - `2` : Azure","description_kind":"markdown","computed":true},"enable_k8_cluster":{"type":"bool","description":"Whether or not a kubernetes cluster is provisioned.","description_kind":"markdown","computed":true},"id":{"type":"string","description_kind":"plain","optional":true,"computed":true},"infra_name":{"type":"string","description":"The name of the infrastructure to look up. Must be specified if `tenant_id` is blank.","description_kind":"markdown","optional":true,"computed":true},"private_subnets":{"type":["set",["object",{"cidr_block":"string","id":"string","name":"string","tags":["list",["object",{"key":"string","value":"string"}]],"type":"string","zone":"string"}]],"description":"The private subnets for the VPC or VNet.","description_kind":"markdown","computed":true},"public_subnets":{"type":["set",["object",{"cidr_block":"string","id":"string","name":"string","tags":["list",["object",{"key":"string","value":"string"}]],"type":"string","zone":"string"}]],"description":"The public subnets for the VPC or VNet.","description_kind":"markdown","computed":true},"region":{"type":"string","description":"The cloud provider region.  The Duplo portal must have already been configured to support this region.","description_kind":"markdown","computed":true},"status":{"type":"string","description":"The status of the infrastructure.","description_kind":"markdown","computed":true},"subnet_cidr":{"type":"number","description":"The CIDR subnet size (in bits) of the automatically created subnets.","description_kind":"markdown","computed":true},"tenant_id":{"type":"string","description":"The ID of the tenant to look up the infrastructure for. Must be specified if `infra_name` is blank.","description_kind":"markdown","optional":true},"vpc_id":{"type":"string","description":"The VPC or VNet ID.","description_kind":"markdown","computed":true},"vpc_name":{"type":"string","description":"The VPC or VNet name.","description_kind":"markdown","computed":true}},"description":"`duplocloud_infrastructure` retrieves details of an infrastructure in Duplo.","description_kind":"markdown"}},"duplocloud_infrastructures":{"version":0,"block":{"attributes":{"data":{"type":["list",["object",{"account_id":"string","address_prefix":"string","azcount":"number","cloud":"number","enable_k8_cluster":"bool","infra_name":"string","region":"string","status":"string","subnet_cidr":"number"}]],"description_kind":"plain","computed":true},"id":{"type":"string","description_kind":"plain","optional":true,"computed":true}},"description":"`duplocloud_infrastructures` retrieves a list of infrastructures in Duplo.","description_kind":"markdown"}},"duplocloud_k8_config_map":{"version":0,"block":{"attributes":{"data":{"type":"string","description":"A JSON encoded string representing the configmap data. You can use the `jsondecode()` function to parse this, if needed.","description_kind":"markdown","computed":true},"id":{"type":"string","description_kind":"plain","optional":true,"computed":true},"metadata":{"type":"string","description":"A JSON encoded string representing the configmap metadata. You can use the `jsondecode()` function to parse this, if needed.","description_kind":"markdown","computed":true},"name":{"type":"string","description":"The name of the configmap.","description_kind":"markdown","required":true},"tenant_id":{"type":"string","description":"The GUID of the tenant that the configmap will be created in.","description_kind":"markdown","required":true}},"description":"`duplocloud_k8_config_map` reads data from a single kubernetes configmap in a Duplo tenant.","description_kind":"markdown"}},"duplocloud_k8_config_maps":{"version":0,"block":{"attributes":{"config_maps":{"type":["list",["object",{"data":"string","metadata":"string","name":"string","tenant_id":"string"}]],"description_kind":"plain","computed":true},"id":{"type":"string","description_kind":"plain","optional":true,"computed":true},"tenant_id":{"type":"string","description_kind":"plain","required":true}},"description":"`duplocloud_k8_config_maps` lists all kubernetes configmaps in a Duplo tenant.","description_kind":"markdown"}},"duplocloud_k8_secret":{"version":0,"block":{"attributes":{"data":{"type":["list",["object",{"client_secret_version":"string","secret_data":"string","secret_name":"string","secret_type":"string","secret_version":"string","tenant_id":"string"}]],"description_kind":"plain","computed":true},"id":{"type":"string","description_kind":"plain","optional":true,"computed":true},"tenant_id":{"type":"string","description_kind":"plain","optional":true}},"block_types":{"filter":{"nesting_mode":"set","block":{"attributes":{"name":{"type":"string","description_kind":"plain","required":true},"value":{"type":"string","description_kind":"plain","required":true}},"description_kind":"plain"}}},"description_kind":"plain"}},"duplocloud_native_hosts":{"version":0,"block":{"attributes":{"hosts":{"type":["list",["object",{"agent_platform":"number","allocated_public_ip":"bool","base64_user_data":"string","capacity":"string","cloud":"number","encrypt_disk":"bool","friendly_name":"string","identity_role":"string","image_id":"string","instance_id":"string","is_ebs_optimized":"bool","is_minion":"bool","metadata":["list",["object",{"key":"string","value":"string"}]],"minion_tags":["list",["object",{"key":"string","value":"string"}]],"network_interface":["list",["object",{"associate_public_ip":"bool","device_index":"number","groups":["list","string"],"metadata":["list",["object",{"key":"string","value":"string"}]],"network_interface_id":"string","subnet_id":"string"}]],"private_ip_address":"string","status":"string","tags":["list",["object",{"key":"string","value":"string"}]],"tenant_id":"string","user_account":"string","volume":["list",["object",{"iops":"number","name":"string","size":"number","volume_id":"string","volume_type":"string"}]],"zone":"number"}]],"description":"The list of native hosts.","description_kind":"markdown","computed":true},"id":{"type":"string","description_kind":"plain","optional":true,"computed":true},"tenant_id":{"type":"string","description":"The GUID of the tenant in which to list the hosts.","description_kind":"markdown","required":true}},"description":"`duplocloud_native_hosts` lists native hosts in a Duplo tenant.","description_kind":"markdown"}},"duplocloud_plan":{"version":0,"block":{"attributes":{"account_id":{"type":"string","description":"The cloud account ID.","description_kind":"markdown","computed":true},"capabilities":{"type":["map","bool"],"description":"Map of capability flags","description_kind":"markdown","computed":true},"certificates":{"type":["list",["object",{"arn":"string","id":"string","name":"string"}]],"description":"Plan certificates that can be attached to load balancers","description_kind":"markdown","computed":true},"cloud":{"type":"number","description":"The numerical index of the cloud provider for this planWill be one of:\n\n   - `0` : AWS\n   - `2` : Azure\n   - `3` : GCP","description_kind":"markdown","computed":true},"cloud_config":{"type":["map","string"],"description":"Cloud-specific plan configuration data","description_kind":"markdown","computed":true},"config":{"type":["list",["object",{"key":"string","type":"string","value":"string"}]],"description":"Plan configuration data","description_kind":"markdown","computed":true},"id":{"type":"string","description_kind":"plain","optional":true,"computed":true},"images":{"type":["list",["object",{"image_id":"string","name":"string","os":"string","tags":["list",["object",{"key":"string","value":"string"}]],"username":"string"}]],"description":"Plan images that can be used to launch native hosts","description_kind":"markdown","computed":true},"kms_keys":{"type":["list",["object",{"arn":"string","id":"string","name":"string"}]],"description":"Plan KMS keys that can be used for cloud-based encryption","description_kind":"markdown","computed":true},"kubernetes_config":{"type":["list",["object",{"api_server":"string","certificate_authority_data":"string","name":"string","provider":"number","region":"string","token":"string"}]],"description":"Kubernetes-specific plan configuration data","description_kind":"markdown","computed":true},"metadata":{"type":["list",["object",{"key":"string","value":"string"}]],"description":"Plan metadata","description_kind":"markdown","computed":true},"plan_id":{"type":"string","description":"The plan ID","description_kind":"markdown","required":true},"private_subnet_ids":{"type":["list","string"],"description":"The private subnets for the VPC or VNet.","description_kind":"markdown","computed":true},"public_subnet_ids":{"type":["list","string"],"description":"The public subnets for the VPC or VNet.","description_kind":"markdown","computed":true},"region":{"type":"string","description":"The cloud provider region.","description_kind":"markdown","computed":true},"vpc_id":{"type":"string","description":"The VPC or VNet ID.","description_kind":"markdown","computed":true},"waf_infos":{"type":["list",["object",{"id":"string","name":"string"}]],"description":"Plan web application firewalls that can be attached to load balancers","description_kind":"markdown","computed":true}},"description":"`duplocloud_plan` retrieves details of a plan in Duplo.","description_kind":"markdown"}},"duplocloud_plan_image":{"version":0,"block":{"attributes":{"id":{"type":"string","description_kind":"plain","optional":true,"computed":true},"image_id":{"type":"string","description_kind":"plain","computed":true},"name":{"type":"string","description_kind":"plain","required":true},"os":{"type":"string","description_kind":"plain","computed":true},"plan_id":{"type":"string","description":"The plan ID","description_kind":"markdown","required":true},"tags":{"type":["list",["object",{"key":"string","value":"string"}]],"description_kind":"plain","computed":true},"username":{"type":"string","description_kind":"plain","computed":true}},"description":"`duplocloud_plan_image` retrieves details of a specific image for a given plan.","description_kind":"markdown"}},"duplocloud_plan_images":{"version":0,"block":{"attributes":{"id":{"type":"string","description_kind":"plain","optional":true,"computed":true},"images":{"type":["list",["object",{"image_id":"string","name":"string","os":"string","tags":["list",["object",{"key":"string","value":"string"}]],"username":"string"}]],"description":"The list of images for this plan.","description_kind":"markdown","computed":true},"plan_id":{"type":"string","description":"The plan ID","description_kind":"markdown","required":true}},"description":"`duplocloud_plan_imagess` retrieves a list of images for a given plan.","description_kind":"markdown"}},"duplocloud_plans":{"version":0,"block":{"attributes":{"data":{"type":["list",["object",{"account_id":"string","capabilities":["map","bool"],"certificates":["list",["object",{"arn":"string","id":"string","name":"string"}]],"cloud":"number","cloud_config":["map","string"],"config":["list",["object",{"key":"string","type":"string","value":"string"}]],"images":["list",["object",{"image_id":"string","name":"string","os":"string","tags":["list",["object",{"key":"string","value":"string"}]],"username":"string"}]],"kms_keys":["list",["object",{"arn":"string","id":"string","name":"string"}]],"kubernetes_config":["list",["object",{"api_server":"string","certificate_authority_data":"string","name":"string","provider":"number","region":"string","token":"string"}]],"metadata":["list",["object",{"key":"string","value":"string"}]],"plan_id":"string","private_subnet_ids":["list","string"],"public_subnet_ids":["list","string"],"region":"string","vpc_id":"string","waf_infos":["list",["object",{"id":"string","name":"string"}]]}]],"description_kind":"plain","computed":true},"id":{"type":"string","description_kind":"plain","optional":true,"computed":true}},"description":"`duplocloud_plans` retrieves a list of plans from Duplo.","description_kind":"markdown"}},"duplocloud_tenant":{"version":0,"block":{"attributes":{"id":{"type":"string","description_kind":"plain","optional":true,"computed":true},"infra_owner":{"type":"string","description_kind":"plain","computed":true},"name":{"type":"string","description_kind":"plain","optional":true,"computed":true},"plan_id":{"type":"string","description_kind":"plain","computed":true},"policy":{"type":["list",["object",{"allow_volume_mapping":"bool","block_external_ep":"bool"}]],"description_kind":"plain","computed":true},"tags":{"type":["list",["object",{"key":"string","value":"string"}]],"description_kind":"plain","computed":true}},"description_kind":"plain"}},"duplocloud_tenant_aws_credentials":{"version":0,"block":{"attributes":{"access_key_id":{"type":"string","description_kind":"plain","computed":true,"sensitive":true},"console_url":{"type":"string","description_kind":"plain","computed":true,"sensitive":true},"id":{"type":"string","description_kind":"plain","optional":true,"computed":true},"region":{"type":"string","description_kind":"plain","computed":true},"secret_access_key":{"type":"string","description_kind":"plain","computed":true,"sensitive":true},"session_token":{"type":"string","description_kind":"plain","computed":true,"sensitive":true},"tenant_id":{"type":"string","description_kind":"plain","required":true}},"description_kind":"plain"}},"duplocloud_tenant_aws_kms_key":{"version":0,"block":{"attributes":{"id":{"type":"string","description_kind":"plain","optional":true,"computed":true},"key_arn":{"type":"string","description_kind":"plain","computed":true},"key_id":{"type":"string","description_kind":"plain","computed":true},"key_name":{"type":"string","description_kind":"plain","optional":true,"computed":true},"tenant_id":{"type":"string","description_kind":"plain","required":true}},"description_kind":"plain"}},"duplocloud_tenant_aws_kms_keys":{"version":0,"block":{"attributes":{"id":{"type":"string","description_kind":"plain","optional":true,"computed":true},"keys":{"type":["list",["object",{"key_arn":"string","key_id":"string","key_name":"string"}]],"description_kind":"plain","computed":true},"selectable":{"type":"bool","description":"Defaults to `true`.","description_kind":"markdown","optional":true},"tenant_id":{"type":"string","description_kind":"plain","required":true}},"description_kind":"plain"}},"duplocloud_tenant_aws_region":{"version":0,"block":{"attributes":{"aws_region":{"type":"string","description_kind":"plain","computed":true},"id":{"type":"string","description_kind":"plain","optional":true,"computed":true},"tenant_id":{"type":"string","description_kind":"plain","required":true}},"description_kind":"plain"}},"duplocloud_tenant_config":{"version":0,"block":{"attributes":{"id":{"type":"string","description_kind":"plain","optional":true,"computed":true},"metadata":{"type":["list",["object",{"key":"string","value":"string"}]],"description_kind":"plain","computed":true},"tenant_id":{"type":"string","description_kind":"plain","required":true}},"description_kind":"plain"}},"duplocloud_tenant_eks_credentials":{"version":0,"block":{"attributes":{"ca_certificate_data":{"type":"string","description_kind":"plain","computed":true},"endpoint":{"type":"string","description_kind":"plain","computed":true},"id":{"type":"string","description_kind":"plain","optional":true,"computed":true},"name":{"type":"string","description_kind":"plain","computed":true},"namespace":{"type":"string","description_kind":"plain","computed":true},"region":{"type":"string","description_kind":"plain","computed":true},"tenant_id":{"type":"string","description_kind":"plain","required":true},"token":{"type":"string","description_kind":"plain","computed":true,"sensitive":true}},"description_kind":"plain"}},"duplocloud_tenant_external_subnets":{"version":0,"block":{"attributes":{"id":{"type":"string","description_kind":"plain","optional":true,"computed":true},"subnet_ids":{"type":["list","string"],"description":"The list of subnet IDs.","description_kind":"markdown","computed":true},"tenant_id":{"type":"string","description":"The GUID of the tenant.","description_kind":"markdown","required":true}},"description":"The `duplocloud_tenant_external_subnets` data source retrieves a list of tenant's external subnet IDs.","description_kind":"markdown"}},"duplocloud_tenant_internal_subnets":{"version":0,"block":{"attributes":{"id":{"type":"string","description_kind":"plain","optional":true,"computed":true},"subnet_ids":{"type":["list","string"],"description":"The list of subnet IDs.","description_kind":"markdown","computed":true},"tenant_id":{"type":"string","description":"The GUID of the tenant.","description_kind":"markdown","required":true}},"description":"The `duplocloud_tenant_internal_subnets` data source retrieves a list of tenant's internal subnet IDs.","description_kind":"markdown"}},"duplocloud_tenant_secret":{"version":0,"block":{"attributes":{"arn":{"type":"string","description_kind":"plain","optional":true,"computed":true},"id":{"type":"string","description_kind":"plain","optional":true,"computed":true},"name":{"type":"string","description_kind":"plain","optional":true,"computed":true},"name_suffix":{"type":"string","description_kind":"plain","optional":true,"computed":true},"rotation_enabled":{"type":"bool","description_kind":"plain","computed":true},"tags":{"type":["list",["object",{"key":"string","value":"string"}]],"description_kind":"plain","computed":true},"tenant_id":{"type":"string","description_kind":"plain","required":true}},"description_kind":"plain"}},"duplocloud_tenant_secrets":{"version":0,"block":{"attributes":{"id":{"type":"string","description_kind":"plain","optional":true,"computed":true},"secrets":{"type":["list",["object",{"arn":"string","name":"string","name_suffix":"string","rotation_enabled":"bool","tags":["list",["object",{"key":"string","value":"string"}]],"tenant_id":"string"}]],"description_kind":"plain","computed":true},"tenant_id":{"type":"string","description_kind":"plain","required":true}},"description_kind":"plain"}},"duplocloud_tenants":{"version":0,"block":{"attributes":{"id":{"type":"string","description_kind":"plain","optional":true,"computed":true},"plan_id":{"type":"string","description_kind":"plain","optional":true},"tenants":{"type":["list",["object",{"id":"string","infra_owner":"string","name":"string","plan_id":"string","policy":["list",["object",{"allow_volume_mapping":"bool","block_external_ep":"bool"}]],"tags":["list",["object",{"key":"string","value":"string"}]]}]],"description_kind":"plain","computed":true}},"description_kind":"plain"}}}}}}
