{"format_version":"0.2","provider_schemas":{"registry.terraform.io/dvirguttman/athenz":{"provider":{"version":0,"block":{"attributes":{"cacert":{"type":"string","description":"CA Certificate file path","description_kind":"plain","optional":true},"cert":{"type":"string","description":"Athenz client certificate","description_kind":"plain","optional":true},"key":{"type":"string","description":"Athenz client key","description_kind":"plain","optional":true},"zms_url":{"type":"string","description":"Athenz API URL","description_kind":"plain","required":true}},"description_kind":"plain"}},"resource_schemas":{"athenz_group":{"version":0,"block":{"attributes":{"audit_ref":{"type":"string","description_kind":"plain","optional":true},"domain":{"type":"string","description":"Name of the domain that group belongs to","description_kind":"plain","required":true},"id":{"type":"string","description_kind":"plain","optional":true,"computed":true},"members":{"type":["set","string"],"description":"Users or services to be added as members","description_kind":"plain","optional":true},"name":{"type":"string","description":"Name of the standard group role","description_kind":"plain","required":true}},"description_kind":"plain"}},"athenz_policy":{"version":0,"block":{"attributes":{"assertion":{"type":["set",["object",{"action":"string","effect":"string","resource":"string","role":"string"}]],"description_kind":"plain","optional":true},"audit_ref":{"type":"string","description_kind":"plain","optional":true},"domain":{"type":"string","description":"Name of the domain that policy belongs to","description_kind":"plain","required":true},"id":{"type":"string","description_kind":"plain","optional":true,"computed":true},"name":{"type":"string","description":"Name of the standard policy","description_kind":"plain","required":true}},"description_kind":"plain"}},"athenz_policy_version":{"version":0,"block":{"attributes":{"active_version":{"type":"string","description":"The policy version that will be active","description_kind":"plain","required":true},"audit_ref":{"type":"string","description_kind":"plain","optional":true},"domain":{"type":"string","description":"Name of the domain that policy belongs to","description_kind":"plain","required":true},"id":{"type":"string","description_kind":"plain","optional":true,"computed":true},"name":{"type":"string","description":"Name of the policy","description_kind":"plain","required":true},"versions":{"type":["set",["object",{"assertion":["set",["map","string"]],"version_name":"string"}]],"description_kind":"plain","required":true}},"description_kind":"plain"}},"athenz_role":{"version":0,"block":{"attributes":{"audit_ref":{"type":"string","description_kind":"plain","optional":true},"domain":{"type":"string","description":"Name of the domain that role belongs to","description_kind":"plain","required":true},"id":{"type":"string","description_kind":"plain","optional":true,"computed":true},"members":{"type":["set","string"],"description":"Users or services to be added as members","description_kind":"plain","optional":true},"name":{"type":"string","description":"Name of the standard group role","description_kind":"plain","required":true},"tags":{"type":["map","string"],"description_kind":"plain","optional":true}},"description_kind":"plain"}},"athenz_service":{"version":0,"block":{"attributes":{"audit_ref":{"type":"string","description_kind":"plain","optional":true},"description":{"type":"string","description":"A description of the service","description_kind":"plain","optional":true},"domain":{"type":"string","description":"Name of the domain that service belongs to","description_kind":"plain","required":true},"id":{"type":"string","description_kind":"plain","optional":true,"computed":true},"name":{"type":"string","description":"Name of the service to be added to the domain","description_kind":"plain","required":true},"public_keys":{"type":["set",["object",{"key_id":"string","key_value":"string"}]],"description_kind":"plain","optional":true}},"description_kind":"plain"}},"athenz_sub_domain":{"version":0,"block":{"attributes":{"admin_users":{"type":["set","string"],"description":"Names of the standard admin users","description_kind":"plain","required":true},"audit_ref":{"type":"string","description_kind":"plain","optional":true},"id":{"type":"string","description_kind":"plain","optional":true,"computed":true},"name":{"type":"string","description":"Name of the standard sub domain","description_kind":"plain","required":true},"parent_name":{"type":"string","description":"Name of the standard parent domain","description_kind":"plain","required":true}},"description_kind":"plain"}},"athenz_top_level_domain":{"version":0,"block":{"attributes":{"admin_users":{"type":["set","string"],"description":"Names of the standard admin users","description_kind":"plain","required":true},"audit_ref":{"type":"string","description_kind":"plain","optional":true},"id":{"type":"string","description_kind":"plain","optional":true,"computed":true},"name":{"type":"string","description":"Name of the standard Top Level domain","description_kind":"plain","required":true},"ypm_id":{"type":"number","description_kind":"plain","required":true}},"description_kind":"plain"}},"athenz_user_domain":{"version":0,"block":{"attributes":{"audit_ref":{"type":"string","description_kind":"plain","optional":true},"id":{"type":"string","description_kind":"plain","optional":true,"computed":true},"name":{"type":"string","description":"Name of the standard user domain","description_kind":"plain","required":true}},"description_kind":"plain"}}},"data_source_schemas":{"athenz_all_domain_details":{"version":0,"block":{"attributes":{"group_list":{"type":["set","string"],"description":"set of all groups","description_kind":"plain","optional":true},"id":{"type":"string","description_kind":"plain","optional":true,"computed":true},"name":{"type":"string","description_kind":"plain","required":true},"policy_list":{"type":["set","string"],"description":"set of all policies","description_kind":"plain","optional":true},"role_list":{"type":["set","string"],"description":"set of all roles","description_kind":"plain","optional":true},"service_list":{"type":["set","string"],"description":"set of all services","description_kind":"plain","optional":true}},"description_kind":"plain"}},"athenz_domain":{"version":0,"block":{"attributes":{"id":{"type":"string","description_kind":"plain","optional":true,"computed":true},"name":{"type":"string","description_kind":"plain","required":true}},"description_kind":"plain"}},"athenz_group":{"version":0,"block":{"attributes":{"domain":{"type":"string","description_kind":"plain","required":true},"id":{"type":"string","description_kind":"plain","optional":true,"computed":true},"members":{"type":["set","string"],"description_kind":"plain","optional":true},"name":{"type":"string","description_kind":"plain","required":true}},"description_kind":"plain"}},"athenz_policy":{"version":0,"block":{"attributes":{"domain":{"type":"string","description_kind":"plain","required":true},"id":{"type":"string","description_kind":"plain","optional":true,"computed":true},"name":{"type":"string","description_kind":"plain","required":true}},"block_types":{"assertion":{"nesting_mode":"set","block":{"attributes":{"action":{"type":"string","description_kind":"plain","required":true},"effect":{"type":"string","description_kind":"plain","required":true},"resource":{"type":"string","description_kind":"plain","required":true},"role":{"type":"string","description_kind":"plain","required":true}},"description_kind":"plain"}}},"description_kind":"plain"}},"athenz_policy_version":{"version":0,"block":{"attributes":{"active_version":{"type":"string","description":"The policy version that will be active","description_kind":"plain","computed":true},"audit_ref":{"type":"string","description_kind":"plain","optional":true},"domain":{"type":"string","description":"Name of the domain that policy belongs to","description_kind":"plain","required":true},"id":{"type":"string","description_kind":"plain","optional":true,"computed":true},"name":{"type":"string","description":"Name of the policy","description_kind":"plain","required":true},"versions":{"type":["set",["object",{"assertion":["set",["map","string"]],"version_name":"string"}]],"description_kind":"plain","computed":true}},"description_kind":"plain"}},"athenz_role":{"version":0,"block":{"attributes":{"domain":{"type":"string","description_kind":"plain","required":true},"id":{"type":"string","description_kind":"plain","optional":true,"computed":true},"members":{"type":["set","string"],"description_kind":"plain","optional":true},"name":{"type":"string","description_kind":"plain","required":true},"tags":{"type":["map","string"],"description_kind":"plain","optional":true}},"description_kind":"plain"}},"athenz_roles":{"version":0,"block":{"attributes":{"domain":{"type":"string","description_kind":"plain","required":true},"id":{"type":"string","description_kind":"plain","optional":true,"computed":true},"include_members":{"type":"bool","description_kind":"plain","optional":true},"tag_key":{"type":"string","description_kind":"plain","optional":true},"tag_value":{"type":"string","description_kind":"plain","optional":true}},"block_types":{"roles":{"nesting_mode":"set","block":{"attributes":{"domain":{"type":"string","description_kind":"plain","required":true},"members":{"type":["set","string"],"description_kind":"plain","optional":true},"name":{"type":"string","description_kind":"plain","required":true},"tags":{"type":["map","string"],"description_kind":"plain","optional":true}},"description_kind":"plain"}}},"description_kind":"plain"}},"athenz_service":{"version":0,"block":{"attributes":{"domain":{"type":"string","description_kind":"plain","required":true},"id":{"type":"string","description_kind":"plain","optional":true,"computed":true},"name":{"type":"string","description_kind":"plain","required":true}},"description_kind":"plain"}}}}}}
