{"format_version":"0.2","provider_schemas":{"registry.terraform.io/edahlseng/circleci":{"provider":{"version":0,"block":{"attributes":{"token":{"type":"string","description":"Authentication token for a CircleCI user","description_kind":"plain","required":true}},"description_kind":"plain"}},"resource_schemas":{"circleci_environment_variable":{"version":0,"block":{"attributes":{"id":{"type":"string","description_kind":"plain","optional":true,"computed":true},"name":{"type":"string","description_kind":"plain","required":true},"project_id":{"type":"string","description_kind":"plain","required":true},"value":{"type":"string","description_kind":"plain","required":true,"sensitive":true}},"description_kind":"plain"}},"circleci_project":{"version":0,"block":{"attributes":{"id":{"type":"string","description_kind":"plain","optional":true,"computed":true},"name":{"type":"string","description_kind":"plain","required":true},"username":{"type":"string","description_kind":"plain","required":true},"vcs_type":{"type":"string","description_kind":"plain","required":true}},"description_kind":"plain"}},"circleci_ssh_key":{"version":0,"block":{"attributes":{"fingerprint_md5":{"type":"string","description_kind":"plain","required":true},"hostname":{"type":"string","description_kind":"plain","required":true},"id":{"type":"string","description_kind":"plain","optional":true,"computed":true},"private_key":{"type":"string","description_kind":"plain","required":true,"sensitive":true},"project_id":{"type":"string","description_kind":"plain","required":true}},"description_kind":"plain"}}}}}}
