{"format_version":"0.2","provider_schemas":{"registry.terraform.io/eddycharly/kops":{"provider":{"version":0,"block":{"attributes":{"feature_flags":{"type":["list","string"],"description_kind":"plain","optional":true},"mock":{"type":"bool","description_kind":"plain","optional":true},"state_store":{"type":"string","description_kind":"plain","required":true}},"block_types":{"aws":{"nesting_mode":"list","block":{"attributes":{"access_key":{"type":"string","description_kind":"plain","optional":true},"profile":{"type":"string","description_kind":"plain","optional":true},"region":{"type":"string","description_kind":"plain","optional":true},"s3_access_key":{"type":"string","description_kind":"plain","optional":true},"s3_endpoint":{"type":"string","description_kind":"plain","optional":true},"s3_region":{"type":"string","description_kind":"plain","optional":true},"s3_secret_key":{"type":"string","description_kind":"plain","optional":true},"secret_key":{"type":"string","description_kind":"plain","optional":true},"skip_region_check":{"type":"bool","description_kind":"plain","optional":true}},"block_types":{"assume_role":{"nesting_mode":"list","block":{"attributes":{"role_arn":{"type":"string","description_kind":"plain","optional":true}},"description_kind":"plain"},"max_items":1}},"description_kind":"plain"},"max_items":1},"klog":{"nesting_mode":"list","block":{"block_types":{"verbosity":{"nesting_mode":"list","block":{"attributes":{"value":{"type":"number","description_kind":"plain","optional":true}},"description_kind":"plain"},"max_items":1}},"description_kind":"plain"},"max_items":1},"openstack":{"nesting_mode":"list","block":{"attributes":{"application_credential_id":{"type":"string","description_kind":"plain","optional":true},"application_credential_secret":{"type":"string","description_kind":"plain","optional":true},"auth_url":{"type":"string","description_kind":"plain","optional":true},"domain_id":{"type":"string","description_kind":"plain","optional":true},"domain_name":{"type":"string","description_kind":"plain","optional":true},"password":{"type":"string","description_kind":"plain","optional":true},"project_domain_id":{"type":"string","description_kind":"plain","optional":true},"project_domain_name":{"type":"string","description_kind":"plain","optional":true},"project_id":{"type":"string","description_kind":"plain","optional":true},"project_name":{"type":"string","description_kind":"plain","optional":true},"region_name":{"type":"string","description_kind":"plain","optional":true},"tenant_id":{"type":"string","description_kind":"plain","optional":true},"tenant_name":{"type":"string","description_kind":"plain","optional":true},"username":{"type":"string","description_kind":"plain","optional":true}},"description_kind":"plain"},"max_items":1}},"description_kind":"plain"}},"resource_schemas":{"kops_cluster":{"version":2,"block":{"attributes":{"additional_network_cidrs":{"type":["list","string"],"description_kind":"plain","optional":true},"additional_policies":{"type":["map","string"],"description_kind":"plain","optional":true},"additional_sans":{"type":["list","string"],"description_kind":"plain","optional":true},"admin_ssh_key":{"type":"string","description_kind":"plain","required":true,"sensitive":true},"channel":{"type":"string","description_kind":"plain","optional":true},"cloud_labels":{"type":["map","string"],"description_kind":"plain","optional":true},"cloud_provider":{"type":"string","description_kind":"plain","required":true},"cluster_dns_domain":{"type":"string","description_kind":"plain","optional":true},"config_base":{"type":"string","description_kind":"plain","optional":true,"computed":true},"config_store":{"type":"string","description_kind":"plain","optional":true},"container_runtime":{"type":"string","description_kind":"plain","optional":true},"disable_subnet_tags":{"type":"bool","description_kind":"plain","optional":true},"dns_zone":{"type":"string","description_kind":"plain","optional":true},"encryption_config":{"type":"bool","description_kind":"plain","optional":true},"id":{"type":"string","description_kind":"plain","optional":true,"computed":true},"isolate_masters":{"type":"bool","description_kind":"plain","optional":true},"key_store":{"type":"string","description_kind":"plain","optional":true},"kubernetes_api_access":{"type":["list","string"],"description_kind":"plain","optional":true},"kubernetes_version":{"type":"string","description_kind":"plain","optional":true},"master_internal_name":{"type":"string","description_kind":"plain","optional":true,"computed":true},"master_public_name":{"type":"string","description_kind":"plain","optional":true,"computed":true},"name":{"type":"string","description_kind":"plain","required":true},"network_cidr":{"type":"string","description_kind":"plain","optional":true,"computed":true},"network_id":{"type":"string","description_kind":"plain","required":true},"node_port_access":{"type":["list","string"],"description_kind":"plain","optional":true},"non_masquerade_cidr":{"type":"string","description_kind":"plain","optional":true,"computed":true},"pod_cidr":{"type":"string","description_kind":"plain","optional":true},"project":{"type":"string","description_kind":"plain","optional":true},"revision":{"type":"number","description_kind":"plain","computed":true},"secret_store":{"type":"string","description_kind":"plain","optional":true},"service_cluster_ip_range":{"type":"string","description_kind":"plain","optional":true},"ssh_access":{"type":["list","string"],"description_kind":"plain","optional":true},"ssh_key_name":{"type":"string","description_kind":"plain","optional":true},"sysctl_parameters":{"type":["list","string"],"description_kind":"plain","optional":true},"update_policy":{"type":"string","description_kind":"plain","optional":true},"use_host_certificates":{"type":"bool","description_kind":"plain","optional":true}},"block_types":{"addons":{"nesting_mode":"list","block":{"attributes":{"manifest":{"type":"string","description_kind":"plain","required":true}},"description_kind":"plain"}},"api":{"nesting_mode":"list","block":{"block_types":{"dns":{"nesting_mode":"list","block":{"description_kind":"plain"},"max_items":1},"load_balancer":{"nesting_mode":"list","block":{"attributes":{"additional_security_groups":{"type":["list","string"],"description_kind":"plain","optional":true},"class":{"type":"string","description_kind":"plain","optional":true},"cross_zone_load_balancing":{"type":"bool","description_kind":"plain","optional":true},"idle_timeout_seconds":{"type":"number","description_kind":"plain","optional":true},"security_group_override":{"type":"string","description_kind":"plain","optional":true},"ssl_certificate":{"type":"string","description_kind":"plain","optional":true},"ssl_policy":{"type":"string","description_kind":"plain","optional":true},"type":{"type":"string","description_kind":"plain","required":true},"use_for_internal_api":{"type":"bool","description_kind":"plain","optional":true}},"block_types":{"subnets":{"nesting_mode":"list","block":{"attributes":{"allocation_id":{"type":"string","description_kind":"plain","optional":true},"name":{"type":"string","description_kind":"plain","optional":true},"private_ipv4_address":{"type":"string","description_kind":"plain","optional":true}},"description_kind":"plain"}}},"description_kind":"plain"},"max_items":1}},"description_kind":"plain"},"max_items":1},"assets":{"nesting_mode":"list","block":{"attributes":{"container_proxy":{"type":"string","description_kind":"plain","optional":true},"container_registry":{"type":"string","description_kind":"plain","optional":true},"file_repository":{"type":"string","description_kind":"plain","optional":true}},"description_kind":"plain"},"max_items":1},"authentication":{"nesting_mode":"list","block":{"block_types":{"aws":{"nesting_mode":"list","block":{"attributes":{"backend_mode":{"type":"string","description_kind":"plain","optional":true},"cluster_id":{"type":"string","description_kind":"plain","optional":true},"cpu_limit":{"type":"string","description_kind":"plain","optional":true},"cpu_request":{"type":"string","description_kind":"plain","optional":true},"image":{"type":"string","description_kind":"plain","optional":true},"memory_limit":{"type":"string","description_kind":"plain","optional":true},"memory_request":{"type":"string","description_kind":"plain","optional":true}},"description_kind":"plain"},"max_items":1},"kopeio":{"nesting_mode":"list","block":{"description_kind":"plain"},"max_items":1}},"description_kind":"plain"},"max_items":1},"authorization":{"nesting_mode":"list","block":{"block_types":{"always_allow":{"nesting_mode":"list","block":{"description_kind":"plain"},"max_items":1},"rbac":{"nesting_mode":"list","block":{"description_kind":"plain"},"max_items":1}},"description_kind":"plain"},"max_items":1},"aws_load_balancer_controller":{"nesting_mode":"list","block":{"attributes":{"enabled":{"type":"bool","description_kind":"plain","optional":true},"version":{"type":"string","description_kind":"plain","optional":true}},"description_kind":"plain"},"max_items":1},"cert_manager":{"nesting_mode":"list","block":{"attributes":{"default_issuer":{"type":"string","description_kind":"plain","optional":true},"enabled":{"type":"bool","description_kind":"plain","required":true},"image":{"type":"string","description_kind":"plain","optional":true},"managed":{"type":"bool","description_kind":"plain","required":true}},"description_kind":"plain"},"max_items":1},"cloud_config":{"nesting_mode":"list","block":{"attributes":{"disable_security_group_ingress":{"type":"bool","description_kind":"plain","optional":true},"elb_security_group":{"type":"string","description_kind":"plain","optional":true},"gce_service_account":{"type":"string","description_kind":"plain","optional":true},"manage_storage_classes":{"type":"bool","description_kind":"plain","optional":true},"multizone":{"type":"bool","description_kind":"plain","optional":true},"node_instance_prefix":{"type":"string","description_kind":"plain","optional":true},"node_tags":{"type":"string","description_kind":"plain","optional":true},"spotinst_orientation":{"type":"string","description_kind":"plain","optional":true},"spotinst_product":{"type":"string","description_kind":"plain","optional":true},"v_sphere_core_dns_server":{"type":"string","description_kind":"plain","optional":true},"v_sphere_datacenter":{"type":"string","description_kind":"plain","optional":true},"v_sphere_datastore":{"type":"string","description_kind":"plain","optional":true},"v_sphere_password":{"type":"string","description_kind":"plain","optional":true},"v_sphere_resource_pool":{"type":"string","description_kind":"plain","optional":true},"v_sphere_server":{"type":"string","description_kind":"plain","optional":true},"v_sphere_username":{"type":"string","description_kind":"plain","optional":true}},"block_types":{"aws_ebs_csi_driver":{"nesting_mode":"list","block":{"attributes":{"enabled":{"type":"bool","description_kind":"plain","optional":true},"version":{"type":"string","description_kind":"plain","optional":true},"volume_attach_limit":{"type":"number","description_kind":"plain","optional":true}},"description_kind":"plain"},"max_items":1},"azure":{"nesting_mode":"list","block":{"attributes":{"admin_user":{"type":"string","description_kind":"plain","optional":true},"resource_group_name":{"type":"string","description_kind":"plain","optional":true},"route_table_name":{"type":"string","description_kind":"plain","optional":true},"subscription_id":{"type":"string","description_kind":"plain","optional":true},"tenant_id":{"type":"string","description_kind":"plain","optional":true}},"description_kind":"plain"},"max_items":1},"openstack":{"nesting_mode":"list","block":{"attributes":{"insecure_skip_verify":{"type":"bool","description_kind":"plain","optional":true}},"block_types":{"block_storage":{"nesting_mode":"list","block":{"attributes":{"create_storage_class":{"type":"bool","description_kind":"plain","optional":true},"csi_plugin_image":{"type":"string","description_kind":"plain","optional":true},"csi_topology_support":{"type":"bool","description_kind":"plain","optional":true},"ignore_az":{"type":"bool","description_kind":"plain","optional":true},"override_az":{"type":"string","description_kind":"plain","optional":true},"version":{"type":"string","description_kind":"plain","optional":true}},"description_kind":"plain"},"max_items":1},"loadbalancer":{"nesting_mode":"list","block":{"attributes":{"floating_network":{"type":"string","description_kind":"plain","optional":true},"floating_network_id":{"type":"string","description_kind":"plain","optional":true},"floating_subnet":{"type":"string","description_kind":"plain","optional":true},"manage_sec_groups":{"type":"bool","description_kind":"plain","optional":true},"method":{"type":"string","description_kind":"plain","optional":true},"provider":{"type":"string","description_kind":"plain","optional":true},"subnet_id":{"type":"string","description_kind":"plain","optional":true},"use_octavia":{"type":"bool","description_kind":"plain","optional":true}},"description_kind":"plain"},"max_items":1},"monitor":{"nesting_mode":"list","block":{"attributes":{"delay":{"type":"string","description_kind":"plain","optional":true},"max_retries":{"type":"number","description_kind":"plain","optional":true},"timeout":{"type":"string","description_kind":"plain","optional":true}},"description_kind":"plain"},"max_items":1},"network":{"nesting_mode":"list","block":{"attributes":{"availability_zone_hints":{"type":["list","string"],"description_kind":"plain","optional":true}},"description_kind":"plain"},"max_items":1},"router":{"nesting_mode":"list","block":{"attributes":{"availability_zone_hints":{"type":["list","string"],"description_kind":"plain","optional":true},"dns_servers":{"type":"string","description_kind":"plain","optional":true},"external_network":{"type":"string","description_kind":"plain","optional":true},"external_subnet":{"type":"string","description_kind":"plain","optional":true}},"description_kind":"plain"},"max_items":1}},"description_kind":"plain"},"max_items":1}},"description_kind":"plain"},"max_items":1},"cluster_autoscaler":{"nesting_mode":"list","block":{"attributes":{"aws_use_static_instance_list":{"type":"bool","description_kind":"plain","optional":true},"balance_similar_node_groups":{"type":"bool","description_kind":"plain","optional":true},"cpu_request":{"type":"string","description_kind":"plain","optional":true},"enabled":{"type":"bool","description_kind":"plain","optional":true},"expander":{"type":"string","description_kind":"plain","optional":true},"image":{"type":"string","description_kind":"plain","optional":true},"memory_request":{"type":"string","description_kind":"plain","optional":true},"new_pod_scale_up_delay":{"type":"string","description_kind":"plain","optional":true},"scale_down_delay_after_add":{"type":"string","description_kind":"plain","optional":true},"scale_down_utilization_threshold":{"type":"string","description_kind":"plain","optional":true},"skip_nodes_with_local_storage":{"type":"bool","description_kind":"plain","required":true},"skip_nodes_with_system_pods":{"type":"bool","description_kind":"plain","required":true}},"description_kind":"plain"},"max_items":1},"containerd":{"nesting_mode":"list","block":{"attributes":{"address":{"type":"string","description_kind":"plain","optional":true},"config_override":{"type":"string","description_kind":"plain","optional":true},"log_level":{"type":"string","description_kind":"plain","optional":true},"root":{"type":"string","description_kind":"plain","optional":true},"skip_install":{"type":"bool","description_kind":"plain","optional":true},"state":{"type":"string","description_kind":"plain","optional":true},"version":{"type":"string","description_kind":"plain","optional":true}},"block_types":{"packages":{"nesting_mode":"list","block":{"attributes":{"hash_amd64":{"type":"string","description_kind":"plain","optional":true},"hash_arm64":{"type":"string","description_kind":"plain","optional":true},"url_amd64":{"type":"string","description_kind":"plain","optional":true},"url_arm64":{"type":"string","description_kind":"plain","optional":true}},"description_kind":"plain"},"max_items":1},"registry_mirrors":{"nesting_mode":"list","block":{"attributes":{"key":{"type":"string","description_kind":"plain","required":true},"value":{"type":["list","string"],"description_kind":"plain","required":true}},"description_kind":"plain"}}},"description_kind":"plain"},"max_items":1},"docker":{"nesting_mode":"list","block":{"attributes":{"authorization_plugins":{"type":["list","string"],"description_kind":"plain","optional":true},"bridge":{"type":"string","description_kind":"plain","optional":true},"bridge_ip":{"type":"string","description_kind":"plain","optional":true},"data_root":{"type":"string","description_kind":"plain","optional":true},"default_runtime":{"type":"string","description_kind":"plain","optional":true},"default_ulimit":{"type":["list","string"],"description_kind":"plain","optional":true},"exec_opt":{"type":["list","string"],"description_kind":"plain","optional":true},"exec_root":{"type":"string","description_kind":"plain","optional":true},"experimental":{"type":"bool","description_kind":"plain","optional":true},"health_check":{"type":"bool","description_kind":"plain","optional":true},"hosts":{"type":["list","string"],"description_kind":"plain","optional":true},"insecure_registries":{"type":["list","string"],"description_kind":"plain","optional":true},"insecure_registry":{"type":"string","description_kind":"plain","optional":true},"ip_masq":{"type":"bool","description_kind":"plain","optional":true},"ip_tables":{"type":"bool","description_kind":"plain","optional":true},"live_restore":{"type":"bool","description_kind":"plain","optional":true},"log_driver":{"type":"string","description_kind":"plain","optional":true},"log_level":{"type":"string","description_kind":"plain","optional":true},"log_opt":{"type":["list","string"],"description_kind":"plain","optional":true},"metrics_address":{"type":"string","description_kind":"plain","optional":true},"mtu":{"type":"number","description_kind":"plain","optional":true},"registry_mirrors":{"type":["list","string"],"description_kind":"plain","optional":true},"runtimes":{"type":["list","string"],"description_kind":"plain","optional":true},"selinux_enabled":{"type":"bool","description_kind":"plain","optional":true},"skip_install":{"type":"bool","description_kind":"plain","optional":true},"storage":{"type":"string","description_kind":"plain","optional":true},"storage_opts":{"type":["list","string"],"description_kind":"plain","optional":true},"user_namespace_remap":{"type":"string","description_kind":"plain","optional":true},"version":{"type":"string","description_kind":"plain","optional":true}},"block_types":{"packages":{"nesting_mode":"list","block":{"attributes":{"hash_amd64":{"type":"string","description_kind":"plain","optional":true},"hash_arm64":{"type":"string","description_kind":"plain","optional":true},"url_amd64":{"type":"string","description_kind":"plain","optional":true},"url_arm64":{"type":"string","description_kind":"plain","optional":true}},"description_kind":"plain"},"max_items":1}},"description_kind":"plain"},"max_items":1},"egress_proxy":{"nesting_mode":"list","block":{"attributes":{"proxy_excludes":{"type":"string","description_kind":"plain","optional":true}},"block_types":{"http_proxy":{"nesting_mode":"list","block":{"attributes":{"host":{"type":"string","description_kind":"plain","required":true},"port":{"type":"number","description_kind":"plain","required":true}},"description_kind":"plain"},"min_items":1,"max_items":1}},"description_kind":"plain"},"max_items":1},"etcd_cluster":{"nesting_mode":"list","block":{"attributes":{"cpu_request":{"type":"string","description_kind":"plain","optional":true},"enable_etcd_tls":{"type":"bool","description_kind":"plain","optional":true},"enable_tls_auth":{"type":"bool","description_kind":"plain","optional":true},"heartbeat_interval":{"type":"string","description_kind":"plain","optional":true},"image":{"type":"string","description_kind":"plain","optional":true},"leader_election_timeout":{"type":"string","description_kind":"plain","optional":true},"memory_request":{"type":"string","description_kind":"plain","optional":true},"name":{"type":"string","description_kind":"plain","required":true},"provider":{"type":"string","description_kind":"plain","optional":true},"version":{"type":"string","description_kind":"plain","optional":true}},"block_types":{"backups":{"nesting_mode":"list","block":{"attributes":{"backup_store":{"type":"string","description_kind":"plain","required":true},"image":{"type":"string","description_kind":"plain","required":true}},"description_kind":"plain"},"max_items":1},"manager":{"nesting_mode":"list","block":{"attributes":{"discovery_poll_interval":{"type":"string","description_kind":"plain","optional":true},"image":{"type":"string","description_kind":"plain","optional":true},"log_level":{"type":"number","description_kind":"plain","optional":true}},"block_types":{"env":{"nesting_mode":"list","block":{"attributes":{"name":{"type":"string","description_kind":"plain","required":true},"value":{"type":"string","description_kind":"plain","optional":true}},"description_kind":"plain"}}},"description_kind":"plain"},"max_items":1},"member":{"nesting_mode":"list","block":{"attributes":{"encrypted_volume":{"type":"bool","description_kind":"plain","optional":true},"instance_group":{"type":"string","description_kind":"plain","required":true},"kms_key_id":{"type":"string","description_kind":"plain","optional":true},"name":{"type":"string","description_kind":"plain","required":true},"volume_iops":{"type":"number","description_kind":"plain","optional":true},"volume_size":{"type":"number","description_kind":"plain","optional":true},"volume_throughput":{"type":"number","description_kind":"plain","optional":true},"volume_type":{"type":"string","description_kind":"plain","optional":true}},"description_kind":"plain"},"min_items":1}},"description_kind":"plain"},"min_items":1},"external_cloud_controller_manager":{"nesting_mode":"list","block":{"attributes":{"allocate_node_cidrs":{"type":"bool","description_kind":"plain","optional":true},"cidr_allocator_type":{"type":"string","description_kind":"plain","optional":true},"cloud_provider":{"type":"string","description_kind":"plain","optional":true},"cluster_cidr":{"type":"string","description_kind":"plain","optional":true},"cluster_name":{"type":"string","description_kind":"plain","optional":true},"configure_cloud_routes":{"type":"bool","description_kind":"plain","optional":true},"image":{"type":"string","description_kind":"plain","optional":true},"log_level":{"type":"number","description_kind":"plain","optional":true},"master":{"type":"string","description_kind":"plain","optional":true},"use_service_account_credentials":{"type":"bool","description_kind":"plain","optional":true}},"block_types":{"leader_election":{"nesting_mode":"list","block":{"attributes":{"leader_elect":{"type":"bool","description_kind":"plain","optional":true},"leader_elect_lease_duration":{"type":"string","description_kind":"plain","optional":true},"leader_elect_renew_deadline_duration":{"type":"string","description_kind":"plain","optional":true},"leader_elect_resource_lock":{"type":"string","description_kind":"plain","optional":true},"leader_elect_resource_name":{"type":"string","description_kind":"plain","optional":true},"leader_elect_resource_namespace":{"type":"string","description_kind":"plain","optional":true},"leader_elect_retry_period":{"type":"string","description_kind":"plain","optional":true}},"description_kind":"plain"},"max_items":1}},"description_kind":"plain"},"max_items":1},"external_dns":{"nesting_mode":"list","block":{"attributes":{"disable":{"type":"bool","description_kind":"plain","optional":true},"watch_ingress":{"type":"bool","description_kind":"plain","optional":true},"watch_namespace":{"type":"string","description_kind":"plain","optional":true}},"description_kind":"plain"},"max_items":1},"external_policies":{"nesting_mode":"list","block":{"attributes":{"key":{"type":"string","description_kind":"plain","required":true},"value":{"type":["list","string"],"description_kind":"plain","required":true}},"description_kind":"plain"}},"file_assets":{"nesting_mode":"list","block":{"attributes":{"content":{"type":"string","description_kind":"plain","required":true},"is_base64":{"type":"bool","description_kind":"plain","optional":true},"name":{"type":"string","description_kind":"plain","required":true},"path":{"type":"string","description_kind":"plain","required":true},"roles":{"type":["list","string"],"description_kind":"plain","optional":true}},"description_kind":"plain"}},"hooks":{"nesting_mode":"list","block":{"attributes":{"before":{"type":["list","string"],"description_kind":"plain","optional":true},"disabled":{"type":"bool","description_kind":"plain","optional":true},"manifest":{"type":"string","description_kind":"plain","optional":true},"name":{"type":"string","description_kind":"plain","required":true},"requires":{"type":["list","string"],"description_kind":"plain","optional":true},"roles":{"type":["list","string"],"description_kind":"plain","optional":true},"use_raw_manifest":{"type":"bool","description_kind":"plain","optional":true}},"block_types":{"exec_container":{"nesting_mode":"list","block":{"attributes":{"command":{"type":["list","string"],"description_kind":"plain","optional":true},"environment":{"type":["map","string"],"description_kind":"plain","optional":true},"image":{"type":"string","description_kind":"plain","required":true}},"description_kind":"plain"},"max_items":1}},"description_kind":"plain"}},"iam":{"nesting_mode":"list","block":{"attributes":{"allow_container_registry":{"type":"bool","description_kind":"plain","optional":true},"legacy":{"type":"bool","description_kind":"plain","optional":true},"permissions_boundary":{"type":"string","description_kind":"plain","optional":true}},"block_types":{"service_account_external_permissions":{"nesting_mode":"list","block":{"attributes":{"name":{"type":"string","description_kind":"plain","optional":true},"namespace":{"type":"string","description_kind":"plain","optional":true}},"block_types":{"aws":{"nesting_mode":"list","block":{"attributes":{"inline_policy":{"type":"string","description_kind":"plain","optional":true},"policy_ar_ns":{"type":["list","string"],"description_kind":"plain","optional":true}},"description_kind":"plain"},"max_items":1}},"description_kind":"plain"}}},"description_kind":"plain"},"max_items":1},"kube_api_server":{"nesting_mode":"list","block":{"attributes":{"address":{"type":"string","description_kind":"plain","optional":true},"admission_control":{"type":["list","string"],"description_kind":"plain","optional":true},"admission_control_config_file":{"type":"string","description_kind":"plain","optional":true},"allow_privileged":{"type":"bool","description_kind":"plain","optional":true},"api_audiences":{"type":["list","string"],"description_kind":"plain","optional":true},"api_server_count":{"type":"number","description_kind":"plain","optional":true},"append_admission_plugins":{"type":["list","string"],"description_kind":"plain","optional":true},"audit_dynamic_configuration":{"type":"bool","description_kind":"plain","optional":true},"audit_log_format":{"type":"string","description_kind":"plain","optional":true},"audit_log_max_age":{"type":"number","description_kind":"plain","optional":true},"audit_log_max_backups":{"type":"number","description_kind":"plain","optional":true},"audit_log_max_size":{"type":"number","description_kind":"plain","optional":true},"audit_log_path":{"type":"string","description_kind":"plain","optional":true},"audit_policy_file":{"type":"string","description_kind":"plain","optional":true},"audit_webhook_batch_buffer_size":{"type":"number","description_kind":"plain","optional":true},"audit_webhook_batch_max_size":{"type":"number","description_kind":"plain","optional":true},"audit_webhook_batch_max_wait":{"type":"string","description_kind":"plain","optional":true},"audit_webhook_batch_throttle_burst":{"type":"number","description_kind":"plain","optional":true},"audit_webhook_batch_throttle_enable":{"type":"bool","description_kind":"plain","optional":true},"audit_webhook_batch_throttle_qps":{"type":"string","description_kind":"plain","optional":true},"audit_webhook_config_file":{"type":"string","description_kind":"plain","optional":true},"audit_webhook_initial_backoff":{"type":"string","description_kind":"plain","optional":true},"audit_webhook_mode":{"type":"string","description_kind":"plain","optional":true},"authentication_token_webhook_cache_ttl":{"type":"string","description_kind":"plain","optional":true},"authentication_token_webhook_config_file":{"type":"string","description_kind":"plain","optional":true},"authorization_mode":{"type":"string","description_kind":"plain","optional":true},"authorization_rbac_super_user":{"type":"string","description_kind":"plain","optional":true},"authorization_webhook_cache_authorized_ttl":{"type":"string","description_kind":"plain","optional":true},"authorization_webhook_cache_unauthorized_ttl":{"type":"string","description_kind":"plain","optional":true},"authorization_webhook_config_file":{"type":"string","description_kind":"plain","optional":true},"basic_auth_file":{"type":"string","description_kind":"plain","optional":true},"bind_address":{"type":"string","description_kind":"plain","optional":true},"client_ca_file":{"type":"string","description_kind":"plain","optional":true},"cloud_provider":{"type":"string","description_kind":"plain","optional":true},"cors_allowed_origins":{"type":["list","string"],"description_kind":"plain","optional":true},"cpu_limit":{"type":"string","description_kind":"plain","optional":true},"cpu_request":{"type":"string","description_kind":"plain","optional":true},"default_not_ready_toleration_seconds":{"type":"number","description_kind":"plain","optional":true},"default_unreachable_toleration_seconds":{"type":"number","description_kind":"plain","optional":true},"disable_admission_plugins":{"type":["list","string"],"description_kind":"plain","optional":true},"disable_basic_auth":{"type":"bool","description_kind":"plain","optional":true},"enable_admission_plugins":{"type":["list","string"],"description_kind":"plain","optional":true},"enable_aggregator_routing":{"type":"bool","description_kind":"plain","optional":true},"enable_bootstrap_auth_token":{"type":"bool","description_kind":"plain","optional":true},"enable_profiling":{"type":"bool","description_kind":"plain","optional":true},"encryption_provider_config":{"type":"string","description_kind":"plain","optional":true},"etcd_ca_file":{"type":"string","description_kind":"plain","optional":true},"etcd_cert_file":{"type":"string","description_kind":"plain","optional":true},"etcd_key_file":{"type":"string","description_kind":"plain","optional":true},"etcd_quorum_read":{"type":"bool","description_kind":"plain","optional":true},"etcd_servers":{"type":["list","string"],"description_kind":"plain","optional":true},"etcd_servers_overrides":{"type":["list","string"],"description_kind":"plain","optional":true},"event_ttl":{"type":"string","description_kind":"plain","optional":true},"experimental_encryption_provider_config":{"type":"string","description_kind":"plain","optional":true},"feature_gates":{"type":["map","string"],"description_kind":"plain","optional":true},"http2_max_streams_per_connection":{"type":"number","description_kind":"plain","optional":true},"image":{"type":"string","description_kind":"plain","optional":true},"insecure_bind_address":{"type":"string","description_kind":"plain","optional":true},"insecure_port":{"type":"number","description_kind":"plain","optional":true},"kubelet_certificate_authority":{"type":"string","description_kind":"plain","optional":true},"kubelet_client_certificate":{"type":"string","description_kind":"plain","optional":true},"kubelet_client_key":{"type":"string","description_kind":"plain","optional":true},"kubelet_preferred_address_types":{"type":["list","string"],"description_kind":"plain","optional":true},"log_level":{"type":"number","description_kind":"plain","optional":true},"max_mutating_requests_inflight":{"type":"number","description_kind":"plain","optional":true},"max_requests_inflight":{"type":"number","description_kind":"plain","optional":true},"memory_limit":{"type":"string","description_kind":"plain","optional":true},"memory_request":{"type":"string","description_kind":"plain","optional":true},"min_request_timeout":{"type":"number","description_kind":"plain","optional":true},"oidc_client_id":{"type":"string","description_kind":"plain","optional":true},"oidc_groups_claim":{"type":"string","description_kind":"plain","optional":true},"oidc_groups_prefix":{"type":"string","description_kind":"plain","optional":true},"oidc_issuer_url":{"type":"string","description_kind":"plain","optional":true},"oidc_required_claim":{"type":["list","string"],"description_kind":"plain","optional":true},"oidc_username_claim":{"type":"string","description_kind":"plain","optional":true},"oidc_username_prefix":{"type":"string","description_kind":"plain","optional":true},"oidcca_file":{"type":"string","description_kind":"plain","optional":true},"proxy_client_cert_file":{"type":"string","description_kind":"plain","optional":true},"proxy_client_key_file":{"type":"string","description_kind":"plain","optional":true},"request_timeout":{"type":"string","description_kind":"plain","optional":true},"requestheader_allowed_names":{"type":["list","string"],"description_kind":"plain","optional":true},"requestheader_client_ca_file":{"type":"string","description_kind":"plain","optional":true},"requestheader_extra_header_prefixes":{"type":["list","string"],"description_kind":"plain","optional":true},"requestheader_group_headers":{"type":["list","string"],"description_kind":"plain","optional":true},"requestheader_username_headers":{"type":["list","string"],"description_kind":"plain","optional":true},"runtime_config":{"type":["map","string"],"description_kind":"plain","optional":true},"secure_port":{"type":"number","description_kind":"plain","optional":true},"service_account_issuer":{"type":"string","description_kind":"plain","optional":true},"service_account_jwksuri":{"type":"string","description_kind":"plain","optional":true},"service_account_key_file":{"type":["list","string"],"description_kind":"plain","optional":true},"service_account_signing_key_file":{"type":"string","description_kind":"plain","optional":true},"service_cluster_ip_range":{"type":"string","description_kind":"plain","optional":true},"service_node_port_range":{"type":"string","description_kind":"plain","optional":true},"storage_backend":{"type":"string","description_kind":"plain","optional":true},"target_ram_mb":{"type":"number","description_kind":"plain","optional":true},"tls_cert_file":{"type":"string","description_kind":"plain","optional":true},"tls_cipher_suites":{"type":["list","string"],"description_kind":"plain","optional":true},"tls_min_version":{"type":"string","description_kind":"plain","optional":true},"tls_private_key_file":{"type":"string","description_kind":"plain","optional":true},"token_auth_file":{"type":"string","description_kind":"plain","optional":true}},"block_types":{"anonymous_auth":{"nesting_mode":"list","block":{"attributes":{"value":{"type":"bool","description_kind":"plain","optional":true}},"description_kind":"plain"},"max_items":1}},"description_kind":"plain"},"max_items":1},"kube_controller_manager":{"nesting_mode":"list","block":{"attributes":{"allocate_node_cidrs":{"type":"bool","description_kind":"plain","optional":true},"attach_detach_reconcile_sync_period":{"type":"string","description_kind":"plain","optional":true},"authentication_kubeconfig":{"type":"string","description_kind":"plain","optional":true},"authorization_always_allow_paths":{"type":["list","string"],"description_kind":"plain","optional":true},"authorization_kubeconfig":{"type":"string","description_kind":"plain","optional":true},"cidr_allocator_type":{"type":"string","description_kind":"plain","optional":true},"cloud_provider":{"type":"string","description_kind":"plain","optional":true},"cluster_cidr":{"type":"string","description_kind":"plain","optional":true},"cluster_name":{"type":"string","description_kind":"plain","optional":true},"concurrent_deployment_syncs":{"type":"number","description_kind":"plain","optional":true},"concurrent_endpoint_syncs":{"type":"number","description_kind":"plain","optional":true},"concurrent_namespace_syncs":{"type":"number","description_kind":"plain","optional":true},"concurrent_rc_syncs":{"type":"number","description_kind":"plain","optional":true},"concurrent_replicaset_syncs":{"type":"number","description_kind":"plain","optional":true},"concurrent_resource_quota_syncs":{"type":"number","description_kind":"plain","optional":true},"concurrent_service_syncs":{"type":"number","description_kind":"plain","optional":true},"concurrent_serviceaccount_token_syncs":{"type":"number","description_kind":"plain","optional":true},"configure_cloud_routes":{"type":"bool","description_kind":"plain","optional":true},"controllers":{"type":["list","string"],"description_kind":"plain","optional":true},"disable_attach_detach_reconcile_sync":{"type":"bool","description_kind":"plain","optional":true},"enable_profiling":{"type":"bool","description_kind":"plain","optional":true},"experimental_cluster_signing_duration":{"type":"string","description_kind":"plain","optional":true},"external_cloud_volume_plugin":{"type":"string","description_kind":"plain","optional":true},"feature_gates":{"type":["map","string"],"description_kind":"plain","optional":true},"horizontal_pod_autoscaler_cpu_initialization_period":{"type":"string","description_kind":"plain","optional":true},"horizontal_pod_autoscaler_downscale_delay":{"type":"string","description_kind":"plain","optional":true},"horizontal_pod_autoscaler_downscale_stabilization":{"type":"string","description_kind":"plain","optional":true},"horizontal_pod_autoscaler_initial_readiness_delay":{"type":"string","description_kind":"plain","optional":true},"horizontal_pod_autoscaler_sync_period":{"type":"string","description_kind":"plain","optional":true},"horizontal_pod_autoscaler_tolerance":{"type":"string","description_kind":"plain","optional":true},"horizontal_pod_autoscaler_upscale_delay":{"type":"string","description_kind":"plain","optional":true},"horizontal_pod_autoscaler_use_rest_clients":{"type":"bool","description_kind":"plain","optional":true},"image":{"type":"string","description_kind":"plain","optional":true},"kube_api_burst":{"type":"number","description_kind":"plain","optional":true},"kube_api_qps":{"type":"string","description_kind":"plain","optional":true},"log_level":{"type":"number","description_kind":"plain","optional":true},"master":{"type":"string","description_kind":"plain","optional":true},"min_resync_period":{"type":"string","description_kind":"plain","optional":true},"node_cidr_mask_size":{"type":"number","description_kind":"plain","optional":true},"node_monitor_grace_period":{"type":"string","description_kind":"plain","optional":true},"node_monitor_period":{"type":"string","description_kind":"plain","optional":true},"pod_eviction_timeout":{"type":"string","description_kind":"plain","optional":true},"root_ca_file":{"type":"string","description_kind":"plain","optional":true},"service_account_private_key_file":{"type":"string","description_kind":"plain","optional":true},"terminated_pod_gc_threshold":{"type":"number","description_kind":"plain","optional":true},"tls_cipher_suites":{"type":["list","string"],"description_kind":"plain","optional":true},"tls_min_version":{"type":"string","description_kind":"plain","optional":true},"use_service_account_credentials":{"type":"bool","description_kind":"plain","optional":true}},"block_types":{"leader_election":{"nesting_mode":"list","block":{"attributes":{"leader_elect":{"type":"bool","description_kind":"plain","optional":true},"leader_elect_lease_duration":{"type":"string","description_kind":"plain","optional":true},"leader_elect_renew_deadline_duration":{"type":"string","description_kind":"plain","optional":true},"leader_elect_resource_lock":{"type":"string","description_kind":"plain","optional":true},"leader_elect_resource_name":{"type":"string","description_kind":"plain","optional":true},"leader_elect_resource_namespace":{"type":"string","description_kind":"plain","optional":true},"leader_elect_retry_period":{"type":"string","description_kind":"plain","optional":true}},"description_kind":"plain"},"max_items":1}},"description_kind":"plain"},"max_items":1},"kube_dns":{"nesting_mode":"list","block":{"attributes":{"cache_max_concurrent":{"type":"number","description_kind":"plain","optional":true},"cache_max_size":{"type":"number","description_kind":"plain","optional":true},"core_dns_image":{"type":"string","description_kind":"plain","optional":true},"cpa_image":{"type":"string","description_kind":"plain","optional":true},"cpu_request":{"type":"string","description_kind":"plain","optional":true},"domain":{"type":"string","description_kind":"plain","optional":true},"external_core_file":{"type":"string","description_kind":"plain","optional":true},"image":{"type":"string","description_kind":"plain","optional":true},"memory_limit":{"type":"string","description_kind":"plain","optional":true},"memory_request":{"type":"string","description_kind":"plain","optional":true},"provider":{"type":"string","description_kind":"plain","optional":true},"replicas":{"type":"number","description_kind":"plain","optional":true},"server_ip":{"type":"string","description_kind":"plain","optional":true},"upstream_nameservers":{"type":["list","string"],"description_kind":"plain","optional":true}},"block_types":{"node_local_dns":{"nesting_mode":"list","block":{"attributes":{"cpu_request":{"type":"string","description_kind":"plain","optional":true},"enabled":{"type":"bool","description_kind":"plain","optional":true},"forward_to_kube_dns":{"type":"bool","description_kind":"plain","optional":true},"local_ip":{"type":"string","description_kind":"plain","optional":true},"memory_request":{"type":"string","description_kind":"plain","optional":true}},"description_kind":"plain"},"max_items":1},"stub_domains":{"nesting_mode":"list","block":{"attributes":{"key":{"type":"string","description_kind":"plain","required":true},"value":{"type":["list","string"],"description_kind":"plain","required":true}},"description_kind":"plain"}}},"description_kind":"plain"},"max_items":1},"kube_proxy":{"nesting_mode":"list","block":{"attributes":{"bind_address":{"type":"string","description_kind":"plain","optional":true},"cluster_cidr":{"type":"string","description_kind":"plain","optional":true},"conntrack_max_per_core":{"type":"number","description_kind":"plain","optional":true},"conntrack_min":{"type":"number","description_kind":"plain","optional":true},"cpu_limit":{"type":"string","description_kind":"plain","optional":true},"cpu_request":{"type":"string","description_kind":"plain","optional":true},"enabled":{"type":"bool","description_kind":"plain","required":true},"feature_gates":{"type":["map","string"],"description_kind":"plain","optional":true},"hostname_override":{"type":"string","description_kind":"plain","optional":true},"image":{"type":"string","description_kind":"plain","optional":true},"ip_vs_exclude_cidr_s":{"type":["list","string"],"description_kind":"plain","optional":true},"ip_vs_min_sync_period":{"type":"string","description_kind":"plain","optional":true},"ip_vs_scheduler":{"type":"string","description_kind":"plain","optional":true},"ip_vs_sync_period":{"type":"string","description_kind":"plain","optional":true},"log_level":{"type":"number","description_kind":"plain","optional":true},"master":{"type":"string","description_kind":"plain","optional":true},"memory_limit":{"type":"string","description_kind":"plain","optional":true},"memory_request":{"type":"string","description_kind":"plain","optional":true},"metrics_bind_address":{"type":"string","description_kind":"plain","optional":true},"proxy_mode":{"type":"string","description_kind":"plain","optional":true}},"description_kind":"plain"},"max_items":1},"kube_scheduler":{"nesting_mode":"list","block":{"attributes":{"authentication_kubeconfig":{"type":"string","description_kind":"plain","optional":true},"authorization_always_allow_paths":{"type":["list","string"],"description_kind":"plain","optional":true},"authorization_kubeconfig":{"type":"string","description_kind":"plain","optional":true},"burst":{"type":"number","description_kind":"plain","optional":true},"enable_profiling":{"type":"bool","description_kind":"plain","optional":true},"feature_gates":{"type":["map","string"],"description_kind":"plain","optional":true},"image":{"type":"string","description_kind":"plain","optional":true},"log_level":{"type":"number","description_kind":"plain","optional":true},"master":{"type":"string","description_kind":"plain","optional":true},"max_persistent_volumes":{"type":"number","description_kind":"plain","optional":true},"qps":{"type":"string","description_kind":"plain","optional":true},"use_policy_config_map":{"type":"bool","description_kind":"plain","optional":true}},"block_types":{"leader_election":{"nesting_mode":"list","block":{"attributes":{"leader_elect":{"type":"bool","description_kind":"plain","optional":true},"leader_elect_lease_duration":{"type":"string","description_kind":"plain","optional":true},"leader_elect_renew_deadline_duration":{"type":"string","description_kind":"plain","optional":true},"leader_elect_resource_lock":{"type":"string","description_kind":"plain","optional":true},"leader_elect_resource_name":{"type":"string","description_kind":"plain","optional":true},"leader_elect_resource_namespace":{"type":"string","description_kind":"plain","optional":true},"leader_elect_retry_period":{"type":"string","description_kind":"plain","optional":true}},"description_kind":"plain"},"max_items":1}},"description_kind":"plain"},"max_items":1},"kubelet":{"nesting_mode":"list","block":{"attributes":{"allow_privileged":{"type":"bool","description_kind":"plain","optional":true},"allowed_unsafe_sysctls":{"type":["list","string"],"description_kind":"plain","optional":true},"api_servers":{"type":"string","description_kind":"plain","optional":true},"authentication_token_webhook":{"type":"bool","description_kind":"plain","optional":true},"authentication_token_webhook_cache_ttl":{"type":"string","description_kind":"plain","optional":true},"authorization_mode":{"type":"string","description_kind":"plain","optional":true},"babysit_daemons":{"type":"bool","description_kind":"plain","optional":true},"bootstrap_kubeconfig":{"type":"string","description_kind":"plain","optional":true},"cgroup_driver":{"type":"string","description_kind":"plain","optional":true},"cgroup_root":{"type":"string","description_kind":"plain","optional":true},"client_ca_file":{"type":"string","description_kind":"plain","optional":true},"cloud_provider":{"type":"string","description_kind":"plain","optional":true},"cluster_dns":{"type":"string","description_kind":"plain","optional":true},"cluster_domain":{"type":"string","description_kind":"plain","optional":true},"configure_cbr0":{"type":"bool","description_kind":"plain","optional":true},"container_log_max_files":{"type":"number","description_kind":"plain","optional":true},"container_log_max_size":{"type":"string","description_kind":"plain","optional":true},"cpu_cfs_quota_period":{"type":"string","description_kind":"plain","optional":true},"cpu_manager_policy":{"type":"string","description_kind":"plain","optional":true},"docker_disable_shared_pid":{"type":"bool","description_kind":"plain","optional":true},"enable_cadvisor_json_endpoints":{"type":"bool","description_kind":"plain","optional":true},"enable_custom_metrics":{"type":"bool","description_kind":"plain","optional":true},"enable_debugging_handlers":{"type":"bool","description_kind":"plain","optional":true},"enforce_node_allocatable":{"type":"string","description_kind":"plain","optional":true},"event_burst":{"type":"number","description_kind":"plain","optional":true},"event_qps":{"type":"number","description_kind":"plain","optional":true},"eviction_hard":{"type":"string","description_kind":"plain","optional":true},"eviction_max_pod_grace_period":{"type":"number","description_kind":"plain","optional":true},"eviction_minimum_reclaim":{"type":"string","description_kind":"plain","optional":true},"eviction_pressure_transition_period":{"type":"string","description_kind":"plain","optional":true},"eviction_soft":{"type":"string","description_kind":"plain","optional":true},"eviction_soft_grace_period":{"type":"string","description_kind":"plain","optional":true},"experimental_allowed_unsafe_sysctls":{"type":["list","string"],"description_kind":"plain","optional":true},"fail_swap_on":{"type":"bool","description_kind":"plain","optional":true},"feature_gates":{"type":["map","string"],"description_kind":"plain","optional":true},"hairpin_mode":{"type":"string","description_kind":"plain","optional":true},"hostname_override":{"type":"string","description_kind":"plain","optional":true},"housekeeping_interval":{"type":"string","description_kind":"plain","optional":true},"image_gc_high_threshold_percent":{"type":"number","description_kind":"plain","optional":true},"image_gc_low_threshold_percent":{"type":"number","description_kind":"plain","optional":true},"image_pull_progress_deadline":{"type":"string","description_kind":"plain","optional":true},"kube_reserved":{"type":["map","string"],"description_kind":"plain","optional":true},"kube_reserved_cgroup":{"type":"string","description_kind":"plain","optional":true},"kubeconfig_path":{"type":"string","description_kind":"plain","optional":true},"kubelet_cgroups":{"type":"string","description_kind":"plain","optional":true},"log_level":{"type":"number","description_kind":"plain","optional":true},"max_pods":{"type":"number","description_kind":"plain","optional":true},"network_plugin_mtu":{"type":"number","description_kind":"plain","optional":true},"network_plugin_name":{"type":"string","description_kind":"plain","optional":true},"node_labels":{"type":["map","string"],"description_kind":"plain","optional":true},"node_status_update_frequency":{"type":"string","description_kind":"plain","optional":true},"non_masquerade_cidr":{"type":"string","description_kind":"plain","optional":true},"nvidia_gp_us":{"type":"number","description_kind":"plain","optional":true},"pod_cidr":{"type":"string","description_kind":"plain","optional":true},"pod_infra_container_image":{"type":"string","description_kind":"plain","optional":true},"pod_manifest_path":{"type":"string","description_kind":"plain","optional":true},"protect_kernel_defaults":{"type":"bool","description_kind":"plain","optional":true},"read_only_port":{"type":"number","description_kind":"plain","optional":true},"reconcile_cidr":{"type":"bool","description_kind":"plain","optional":true},"register_node":{"type":"bool","description_kind":"plain","optional":true},"register_schedulable":{"type":"bool","description_kind":"plain","optional":true},"registry_burst":{"type":"number","description_kind":"plain","optional":true},"registry_pull_qps":{"type":"number","description_kind":"plain","optional":true},"require_kubeconfig":{"type":"bool","description_kind":"plain","optional":true},"resolver_config":{"type":"string","description_kind":"plain","optional":true},"root_dir":{"type":"string","description_kind":"plain","optional":true},"rotate_certificates":{"type":"bool","description_kind":"plain","optional":true},"runtime_cgroups":{"type":"string","description_kind":"plain","optional":true},"runtime_request_timeout":{"type":"string","description_kind":"plain","optional":true},"seccomp_profile_root":{"type":"string","description_kind":"plain","optional":true},"serialize_image_pulls":{"type":"bool","description_kind":"plain","optional":true},"streaming_connection_idle_timeout":{"type":"string","description_kind":"plain","optional":true},"system_cgroups":{"type":"string","description_kind":"plain","optional":true},"system_reserved":{"type":["map","string"],"description_kind":"plain","optional":true},"system_reserved_cgroup":{"type":"string","description_kind":"plain","optional":true},"taints":{"type":["list","string"],"description_kind":"plain","optional":true},"tls_cert_file":{"type":"string","description_kind":"plain","optional":true},"tls_cipher_suites":{"type":["list","string"],"description_kind":"plain","optional":true},"tls_min_version":{"type":"string","description_kind":"plain","optional":true},"tls_private_key_file":{"type":"string","description_kind":"plain","optional":true},"topology_manager_policy":{"type":"string","description_kind":"plain","optional":true},"volume_plugin_directory":{"type":"string","description_kind":"plain","optional":true},"volume_stats_agg_period":{"type":"string","description_kind":"plain","optional":true}},"block_types":{"anonymous_auth":{"nesting_mode":"list","block":{"attributes":{"value":{"type":"bool","description_kind":"plain","optional":true}},"description_kind":"plain"},"max_items":1},"cpu_cfs_quota":{"nesting_mode":"list","block":{"attributes":{"value":{"type":"bool","description_kind":"plain","optional":true}},"description_kind":"plain"},"max_items":1}},"description_kind":"plain"},"max_items":1},"master_kubelet":{"nesting_mode":"list","block":{"attributes":{"allow_privileged":{"type":"bool","description_kind":"plain","optional":true},"allowed_unsafe_sysctls":{"type":["list","string"],"description_kind":"plain","optional":true},"api_servers":{"type":"string","description_kind":"plain","optional":true},"authentication_token_webhook":{"type":"bool","description_kind":"plain","optional":true},"authentication_token_webhook_cache_ttl":{"type":"string","description_kind":"plain","optional":true},"authorization_mode":{"type":"string","description_kind":"plain","optional":true},"babysit_daemons":{"type":"bool","description_kind":"plain","optional":true},"bootstrap_kubeconfig":{"type":"string","description_kind":"plain","optional":true},"cgroup_driver":{"type":"string","description_kind":"plain","optional":true},"cgroup_root":{"type":"string","description_kind":"plain","optional":true},"client_ca_file":{"type":"string","description_kind":"plain","optional":true},"cloud_provider":{"type":"string","description_kind":"plain","optional":true},"cluster_dns":{"type":"string","description_kind":"plain","optional":true},"cluster_domain":{"type":"string","description_kind":"plain","optional":true},"configure_cbr0":{"type":"bool","description_kind":"plain","optional":true},"container_log_max_files":{"type":"number","description_kind":"plain","optional":true},"container_log_max_size":{"type":"string","description_kind":"plain","optional":true},"cpu_cfs_quota_period":{"type":"string","description_kind":"plain","optional":true},"cpu_manager_policy":{"type":"string","description_kind":"plain","optional":true},"docker_disable_shared_pid":{"type":"bool","description_kind":"plain","optional":true},"enable_cadvisor_json_endpoints":{"type":"bool","description_kind":"plain","optional":true},"enable_custom_metrics":{"type":"bool","description_kind":"plain","optional":true},"enable_debugging_handlers":{"type":"bool","description_kind":"plain","optional":true},"enforce_node_allocatable":{"type":"string","description_kind":"plain","optional":true},"event_burst":{"type":"number","description_kind":"plain","optional":true},"event_qps":{"type":"number","description_kind":"plain","optional":true},"eviction_hard":{"type":"string","description_kind":"plain","optional":true},"eviction_max_pod_grace_period":{"type":"number","description_kind":"plain","optional":true},"eviction_minimum_reclaim":{"type":"string","description_kind":"plain","optional":true},"eviction_pressure_transition_period":{"type":"string","description_kind":"plain","optional":true},"eviction_soft":{"type":"string","description_kind":"plain","optional":true},"eviction_soft_grace_period":{"type":"string","description_kind":"plain","optional":true},"experimental_allowed_unsafe_sysctls":{"type":["list","string"],"description_kind":"plain","optional":true},"fail_swap_on":{"type":"bool","description_kind":"plain","optional":true},"feature_gates":{"type":["map","string"],"description_kind":"plain","optional":true},"hairpin_mode":{"type":"string","description_kind":"plain","optional":true},"hostname_override":{"type":"string","description_kind":"plain","optional":true},"housekeeping_interval":{"type":"string","description_kind":"plain","optional":true},"image_gc_high_threshold_percent":{"type":"number","description_kind":"plain","optional":true},"image_gc_low_threshold_percent":{"type":"number","description_kind":"plain","optional":true},"image_pull_progress_deadline":{"type":"string","description_kind":"plain","optional":true},"kube_reserved":{"type":["map","string"],"description_kind":"plain","optional":true},"kube_reserved_cgroup":{"type":"string","description_kind":"plain","optional":true},"kubeconfig_path":{"type":"string","description_kind":"plain","optional":true},"kubelet_cgroups":{"type":"string","description_kind":"plain","optional":true},"log_level":{"type":"number","description_kind":"plain","optional":true},"max_pods":{"type":"number","description_kind":"plain","optional":true},"network_plugin_mtu":{"type":"number","description_kind":"plain","optional":true},"network_plugin_name":{"type":"string","description_kind":"plain","optional":true},"node_labels":{"type":["map","string"],"description_kind":"plain","optional":true},"node_status_update_frequency":{"type":"string","description_kind":"plain","optional":true},"non_masquerade_cidr":{"type":"string","description_kind":"plain","optional":true},"nvidia_gp_us":{"type":"number","description_kind":"plain","optional":true},"pod_cidr":{"type":"string","description_kind":"plain","optional":true},"pod_infra_container_image":{"type":"string","description_kind":"plain","optional":true},"pod_manifest_path":{"type":"string","description_kind":"plain","optional":true},"protect_kernel_defaults":{"type":"bool","description_kind":"plain","optional":true},"read_only_port":{"type":"number","description_kind":"plain","optional":true},"reconcile_cidr":{"type":"bool","description_kind":"plain","optional":true},"register_node":{"type":"bool","description_kind":"plain","optional":true},"register_schedulable":{"type":"bool","description_kind":"plain","optional":true},"registry_burst":{"type":"number","description_kind":"plain","optional":true},"registry_pull_qps":{"type":"number","description_kind":"plain","optional":true},"require_kubeconfig":{"type":"bool","description_kind":"plain","optional":true},"resolver_config":{"type":"string","description_kind":"plain","optional":true},"root_dir":{"type":"string","description_kind":"plain","optional":true},"rotate_certificates":{"type":"bool","description_kind":"plain","optional":true},"runtime_cgroups":{"type":"string","description_kind":"plain","optional":true},"runtime_request_timeout":{"type":"string","description_kind":"plain","optional":true},"seccomp_profile_root":{"type":"string","description_kind":"plain","optional":true},"serialize_image_pulls":{"type":"bool","description_kind":"plain","optional":true},"streaming_connection_idle_timeout":{"type":"string","description_kind":"plain","optional":true},"system_cgroups":{"type":"string","description_kind":"plain","optional":true},"system_reserved":{"type":["map","string"],"description_kind":"plain","optional":true},"system_reserved_cgroup":{"type":"string","description_kind":"plain","optional":true},"taints":{"type":["list","string"],"description_kind":"plain","optional":true},"tls_cert_file":{"type":"string","description_kind":"plain","optional":true},"tls_cipher_suites":{"type":["list","string"],"description_kind":"plain","optional":true},"tls_min_version":{"type":"string","description_kind":"plain","optional":true},"tls_private_key_file":{"type":"string","description_kind":"plain","optional":true},"topology_manager_policy":{"type":"string","description_kind":"plain","optional":true},"volume_plugin_directory":{"type":"string","description_kind":"plain","optional":true},"volume_stats_agg_period":{"type":"string","description_kind":"plain","optional":true}},"block_types":{"anonymous_auth":{"nesting_mode":"list","block":{"attributes":{"value":{"type":"bool","description_kind":"plain","optional":true}},"description_kind":"plain"},"max_items":1},"cpu_cfs_quota":{"nesting_mode":"list","block":{"attributes":{"value":{"type":"bool","description_kind":"plain","optional":true}},"description_kind":"plain"},"max_items":1}},"description_kind":"plain"},"max_items":1},"metrics_server":{"nesting_mode":"list","block":{"attributes":{"enabled":{"type":"bool","description_kind":"plain","optional":true},"image":{"type":"string","description_kind":"plain","optional":true},"insecure":{"type":"bool","description_kind":"plain","required":true}},"description_kind":"plain"},"max_items":1},"networking":{"nesting_mode":"list","block":{"block_types":{"amazon_vpc":{"nesting_mode":"list","block":{"attributes":{"image_name":{"type":"string","description_kind":"plain","optional":true},"init_image_name":{"type":"string","description_kind":"plain","optional":true}},"block_types":{"env":{"nesting_mode":"list","block":{"attributes":{"name":{"type":"string","description_kind":"plain","required":true},"value":{"type":"string","description_kind":"plain","optional":true}},"description_kind":"plain"}}},"description_kind":"plain"},"max_items":1},"calico":{"nesting_mode":"list","block":{"attributes":{"aws_src_dst_check":{"type":"string","description_kind":"plain","optional":true},"bpf_enabled":{"type":"bool","description_kind":"plain","optional":true},"bpf_external_service_mode":{"type":"string","description_kind":"plain","optional":true},"bpf_kube_proxy_iptables_cleanup_enabled":{"type":"bool","description_kind":"plain","optional":true},"bpf_log_level":{"type":"string","description_kind":"plain","optional":true},"chain_insert_mode":{"type":"string","description_kind":"plain","optional":true},"cpu_request":{"type":"string","description_kind":"plain","optional":true},"cross_subnet":{"type":"bool","description_kind":"plain","optional":true},"encapsulation_mode":{"type":"string","description_kind":"plain","optional":true},"ip_ip_mode":{"type":"string","description_kind":"plain","optional":true},"iptables_backend":{"type":"string","description_kind":"plain","optional":true},"ipv4_auto_detection_method":{"type":"string","description_kind":"plain","optional":true},"ipv6_auto_detection_method":{"type":"string","description_kind":"plain","optional":true},"log_severity_screen":{"type":"string","description_kind":"plain","optional":true},"major_version":{"type":"string","description_kind":"plain","optional":true},"mtu":{"type":"number","description_kind":"plain","optional":true},"prometheus_go_metrics_enabled":{"type":"bool","description_kind":"plain","optional":true},"prometheus_metrics_enabled":{"type":"bool","description_kind":"plain","optional":true},"prometheus_metrics_port":{"type":"number","description_kind":"plain","optional":true},"prometheus_process_metrics_enabled":{"type":"bool","description_kind":"plain","optional":true},"registry":{"type":"string","description_kind":"plain","optional":true},"typha_prometheus_metrics_enabled":{"type":"bool","description_kind":"plain","optional":true},"typha_prometheus_metrics_port":{"type":"number","description_kind":"plain","optional":true},"typha_replicas":{"type":"number","description_kind":"plain","optional":true},"version":{"type":"string","description_kind":"plain","optional":true},"wireguard_enabled":{"type":"bool","description_kind":"plain","optional":true}},"description_kind":"plain"},"max_items":1},"canal":{"nesting_mode":"list","block":{"attributes":{"chain_insert_mode":{"type":"string","description_kind":"plain","optional":true},"cpu_request":{"type":"string","description_kind":"plain","optional":true},"default_endpoint_to_host_action":{"type":"string","description_kind":"plain","optional":true},"disable_flannel_forward_rules":{"type":"bool","description_kind":"plain","optional":true},"disable_tx_checksum_offloading":{"type":"bool","description_kind":"plain","optional":true},"iptables_backend":{"type":"string","description_kind":"plain","optional":true},"log_severity_sys":{"type":"string","description_kind":"plain","optional":true},"mtu":{"type":"number","description_kind":"plain","optional":true},"prometheus_go_metrics_enabled":{"type":"bool","description_kind":"plain","optional":true},"prometheus_metrics_enabled":{"type":"bool","description_kind":"plain","optional":true},"prometheus_metrics_port":{"type":"number","description_kind":"plain","optional":true},"prometheus_process_metrics_enabled":{"type":"bool","description_kind":"plain","optional":true},"typha_prometheus_metrics_enabled":{"type":"bool","description_kind":"plain","optional":true},"typha_prometheus_metrics_port":{"type":"number","description_kind":"plain","optional":true},"typha_replicas":{"type":"number","description_kind":"plain","optional":true}},"description_kind":"plain"},"max_items":1},"cilium":{"nesting_mode":"list","block":{"attributes":{"access_log":{"type":"string","description_kind":"plain","optional":true},"agent_labels":{"type":["list","string"],"description_kind":"plain","optional":true},"agent_prometheus_port":{"type":"number","description_kind":"plain","optional":true},"allow_localhost":{"type":"string","description_kind":"plain","optional":true},"auto_direct_node_routes":{"type":"bool","description_kind":"plain","optional":true},"auto_ipv6_node_routes":{"type":"bool","description_kind":"plain","optional":true},"bpf_root":{"type":"string","description_kind":"plain","optional":true},"bpfct_global_any_max":{"type":"number","description_kind":"plain","optional":true},"bpfct_global_tcp_max":{"type":"number","description_kind":"plain","optional":true},"cluster_name":{"type":"string","description_kind":"plain","optional":true},"cni_bin_path":{"type":"string","description_kind":"plain","optional":true},"container_runtime":{"type":["list","string"],"description_kind":"plain","optional":true},"container_runtime_endpoint":{"type":["map","string"],"description_kind":"plain","optional":true},"container_runtime_labels":{"type":"string","description_kind":"plain","optional":true},"cpu_request":{"type":"string","description_kind":"plain","optional":true},"debug":{"type":"bool","description_kind":"plain","optional":true},"debug_verbose":{"type":["list","string"],"description_kind":"plain","optional":true},"device":{"type":"string","description_kind":"plain","optional":true},"disable_conntrack":{"type":"bool","description_kind":"plain","optional":true},"disable_ipv4":{"type":"bool","description_kind":"plain","optional":true},"disable_k_8s_services":{"type":"bool","description_kind":"plain","optional":true},"disable_masquerade":{"type":"bool","description_kind":"plain","optional":true},"enable_encryption":{"type":"bool","description_kind":"plain","optional":true},"enable_host_reachable_services":{"type":"bool","description_kind":"plain","optional":true},"enable_ipv4":{"type":"bool","description_kind":"plain","optional":true},"enable_ipv6":{"type":"bool","description_kind":"plain","optional":true},"enable_node_port":{"type":"bool","description_kind":"plain","optional":true},"enable_policy":{"type":"string","description_kind":"plain","optional":true},"enable_prometheus_metrics":{"type":"bool","description_kind":"plain","optional":true},"enable_remote_node_identity":{"type":"bool","description_kind":"plain","required":true},"enable_tracing":{"type":"bool","description_kind":"plain","optional":true},"envoy_log":{"type":"string","description_kind":"plain","optional":true},"etcd_managed":{"type":"bool","description_kind":"plain","optional":true},"ip_tables_rules_noinstall":{"type":"bool","description_kind":"plain","optional":true},"ipam":{"type":"string","description_kind":"plain","optional":true},"ipv4_cluster_cidr_mask_size":{"type":"number","description_kind":"plain","optional":true},"ipv4_node":{"type":"string","description_kind":"plain","optional":true},"ipv4_range":{"type":"string","description_kind":"plain","optional":true},"ipv4_service_range":{"type":"string","description_kind":"plain","optional":true},"ipv6_cluster_alloc_cidr":{"type":"string","description_kind":"plain","optional":true},"ipv6_node":{"type":"string","description_kind":"plain","optional":true},"ipv6_range":{"type":"string","description_kind":"plain","optional":true},"ipv6_service_range":{"type":"string","description_kind":"plain","optional":true},"k_8s_api_server":{"type":"string","description_kind":"plain","optional":true},"k_8s_kubeconfig_path":{"type":"string","description_kind":"plain","optional":true},"keep_bpf_templates":{"type":"bool","description_kind":"plain","optional":true},"keep_config":{"type":"bool","description_kind":"plain","optional":true},"label_prefix_file":{"type":"string","description_kind":"plain","optional":true},"labels":{"type":["list","string"],"description_kind":"plain","optional":true},"lb":{"type":"string","description_kind":"plain","optional":true},"lib_dir":{"type":"string","description_kind":"plain","optional":true},"log_drivers":{"type":["list","string"],"description_kind":"plain","optional":true},"log_opt":{"type":["map","string"],"description_kind":"plain","optional":true},"logstash":{"type":"bool","description_kind":"plain","optional":true},"logstash_agent":{"type":"string","description_kind":"plain","optional":true},"logstash_probe_timer":{"type":"number","description_kind":"plain","optional":true},"memory_request":{"type":"string","description_kind":"plain","optional":true},"monitor_aggregation":{"type":"string","description_kind":"plain","optional":true},"nat46_range":{"type":"string","description_kind":"plain","optional":true},"node_init_bootstrap_file":{"type":"string","description_kind":"plain","optional":true},"pprof":{"type":"bool","description_kind":"plain","optional":true},"preallocate_bpf_maps":{"type":"bool","description_kind":"plain","required":true},"prefilter_device":{"type":"string","description_kind":"plain","optional":true},"prometheus_serve_addr":{"type":"string","description_kind":"plain","optional":true},"reconfigure_kubelet":{"type":"bool","description_kind":"plain","optional":true},"remove_cbr_bridge":{"type":"bool","description_kind":"plain","optional":true},"restart_pods":{"type":"bool","description_kind":"plain","optional":true},"restore":{"type":"bool","description_kind":"plain","optional":true},"sidecar_istio_proxy_image":{"type":"string","description_kind":"plain","optional":true},"single_cluster_route":{"type":"bool","description_kind":"plain","optional":true},"socket_path":{"type":"string","description_kind":"plain","optional":true},"state_dir":{"type":"string","description_kind":"plain","optional":true},"to_fqdns_dns_reject_response_code":{"type":"string","description_kind":"plain","optional":true},"to_fqdns_enable_poller":{"type":"bool","description_kind":"plain","optional":true},"trace_payload_len":{"type":"number","description_kind":"plain","optional":true},"tunnel":{"type":"string","description_kind":"plain","optional":true},"version":{"type":"string","description_kind":"plain","optional":true}},"block_types":{"hubble":{"nesting_mode":"list","block":{"attributes":{"enabled":{"type":"bool","description_kind":"plain","optional":true},"metrics":{"type":["list","string"],"description_kind":"plain","optional":true}},"description_kind":"plain"},"max_items":1}},"description_kind":"plain"},"max_items":1},"classic":{"nesting_mode":"list","block":{"description_kind":"plain"},"max_items":1},"cni":{"nesting_mode":"list","block":{"attributes":{"uses_secondary_ip":{"type":"bool","description_kind":"plain","optional":true}},"description_kind":"plain"},"max_items":1},"external":{"nesting_mode":"list","block":{"description_kind":"plain"},"max_items":1},"flannel":{"nesting_mode":"list","block":{"attributes":{"backend":{"type":"string","description_kind":"plain","optional":true},"disable_tx_checksum_offloading":{"type":"bool","description_kind":"plain","optional":true},"iptables_resync_seconds":{"type":"number","description_kind":"plain","optional":true}},"description_kind":"plain"},"max_items":1},"gce":{"nesting_mode":"list","block":{"description_kind":"plain"},"max_items":1},"kopeio":{"nesting_mode":"list","block":{"description_kind":"plain"},"max_items":1},"kubenet":{"nesting_mode":"list","block":{"description_kind":"plain"},"max_items":1},"kuberouter":{"nesting_mode":"list","block":{"description_kind":"plain"},"max_items":1},"lyft_vpc":{"nesting_mode":"list","block":{"attributes":{"subnet_tags":{"type":["map","string"],"description_kind":"plain","optional":true}},"description_kind":"plain"},"max_items":1},"romana":{"nesting_mode":"list","block":{"attributes":{"daemon_service_ip":{"type":"string","description_kind":"plain","optional":true},"etcd_service_ip":{"type":"string","description_kind":"plain","optional":true}},"description_kind":"plain"},"max_items":1},"weave":{"nesting_mode":"list","block":{"attributes":{"conn_limit":{"type":"number","description_kind":"plain","optional":true},"cpu_limit":{"type":"string","description_kind":"plain","optional":true},"cpu_request":{"type":"string","description_kind":"plain","optional":true},"memory_limit":{"type":"string","description_kind":"plain","optional":true},"memory_request":{"type":"string","description_kind":"plain","optional":true},"mtu":{"type":"number","description_kind":"plain","optional":true},"net_extra_args":{"type":"string","description_kind":"plain","optional":true},"no_masq_local":{"type":"number","description_kind":"plain","optional":true},"npc_cpu_limit":{"type":"string","description_kind":"plain","optional":true},"npc_cpu_request":{"type":"string","description_kind":"plain","optional":true},"npc_extra_args":{"type":"string","description_kind":"plain","optional":true},"npc_memory_limit":{"type":"string","description_kind":"plain","optional":true},"npc_memory_request":{"type":"string","description_kind":"plain","optional":true},"version":{"type":"string","description_kind":"plain","optional":true}},"description_kind":"plain"},"max_items":1}},"description_kind":"plain"},"min_items":1,"max_items":1},"node_authorization":{"nesting_mode":"list","block":{"block_types":{"node_authorizer":{"nesting_mode":"list","block":{"attributes":{"authorizer":{"type":"string","description_kind":"plain","optional":true},"features":{"type":["list","string"],"description_kind":"plain","optional":true},"image":{"type":"string","description_kind":"plain","optional":true},"interval":{"type":"string","description_kind":"plain","optional":true},"node_url":{"type":"string","description_kind":"plain","optional":true},"port":{"type":"number","description_kind":"plain","optional":true},"timeout":{"type":"string","description_kind":"plain","optional":true},"token_ttl":{"type":"string","description_kind":"plain","optional":true}},"description_kind":"plain"},"max_items":1}},"description_kind":"plain"},"max_items":1},"node_termination_handler":{"nesting_mode":"list","block":{"attributes":{"cpu_request":{"type":"string","description_kind":"plain","optional":true},"enable_prometheus_metrics":{"type":"bool","description_kind":"plain","optional":true},"enable_scheduled_event_draining":{"type":"bool","description_kind":"plain","optional":true},"enable_spot_interruption_draining":{"type":"bool","description_kind":"plain","required":true},"enable_sqs_termination_draining":{"type":"bool","description_kind":"plain","optional":true},"enabled":{"type":"bool","description_kind":"plain","required":true},"managed_asg_tag":{"type":"string","description_kind":"plain","optional":true},"memory_request":{"type":"string","description_kind":"plain","optional":true}},"description_kind":"plain"},"max_items":1},"ntp":{"nesting_mode":"list","block":{"attributes":{"managed":{"type":"bool","description_kind":"plain","optional":true}},"description_kind":"plain"},"max_items":1},"rolling_update":{"nesting_mode":"list","block":{"attributes":{"drain_and_terminate":{"type":"bool","description_kind":"plain","optional":true},"max_surge":{"type":"string","description_kind":"plain","optional":true},"max_unavailable":{"type":"string","description_kind":"plain","optional":true}},"description_kind":"plain"},"max_items":1},"secrets":{"nesting_mode":"list","block":{"attributes":{"cluster_ca_cert":{"type":"string","description_kind":"plain","optional":true},"cluster_ca_key":{"type":"string","description_kind":"plain","optional":true},"docker_config":{"type":"string","description_kind":"plain","optional":true,"sensitive":true}},"description_kind":"plain"},"max_items":1},"service_account_issuer_discovery":{"nesting_mode":"list","block":{"attributes":{"discovery_store":{"type":"string","description_kind":"plain","optional":true},"enable_aws_oidc_provider":{"type":"bool","description_kind":"plain","optional":true}},"description_kind":"plain"},"max_items":1},"snapshot_controller":{"nesting_mode":"list","block":{"attributes":{"enabled":{"type":"bool","description_kind":"plain","optional":true},"install_default_class":{"type":"bool","description_kind":"plain","optional":true}},"description_kind":"plain"},"max_items":1},"subnet":{"nesting_mode":"list","block":{"attributes":{"cidr":{"type":"string","description_kind":"plain","optional":true,"computed":true},"egress":{"type":"string","description_kind":"plain","optional":true},"name":{"type":"string","description_kind":"plain","required":true},"provider_id":{"type":"string","description_kind":"plain","required":true},"public_ip":{"type":"string","description_kind":"plain","optional":true},"region":{"type":"string","description_kind":"plain","optional":true},"type":{"type":"string","description_kind":"plain","required":true},"zone":{"type":"string","description_kind":"plain","required":true}},"description_kind":"plain"},"min_items":1},"topology":{"nesting_mode":"list","block":{"attributes":{"masters":{"type":"string","description_kind":"plain","required":true},"nodes":{"type":"string","description_kind":"plain","required":true}},"block_types":{"bastion":{"nesting_mode":"list","block":{"attributes":{"bastion_public_name":{"type":"string","description_kind":"plain","required":true},"idle_timeout_seconds":{"type":"number","description_kind":"plain","optional":true}},"block_types":{"load_balancer":{"nesting_mode":"list","block":{"attributes":{"additional_security_groups":{"type":["list","string"],"description_kind":"plain","required":true}},"description_kind":"plain"},"max_items":1}},"description_kind":"plain"},"max_items":1},"dns":{"nesting_mode":"list","block":{"attributes":{"type":{"type":"string","description_kind":"plain","required":true}},"description_kind":"plain"},"min_items":1,"max_items":1}},"description_kind":"plain"},"min_items":1,"max_items":1},"warm_pool":{"nesting_mode":"list","block":{"attributes":{"enable_lifecycle_hook":{"type":"bool","description_kind":"plain","optional":true},"max_size":{"type":"number","description_kind":"plain","optional":true},"min_size":{"type":"number","description_kind":"plain","optional":true}},"description_kind":"plain"},"max_items":1}},"description_kind":"plain"}},"kops_cluster_updater":{"version":0,"block":{"attributes":{"cluster_name":{"type":"string","description_kind":"plain","required":true},"id":{"type":"string","description_kind":"plain","optional":true,"computed":true},"keepers":{"type":["map","string"],"description_kind":"plain","optional":true},"revision":{"type":"number","description_kind":"plain","computed":true}},"block_types":{"apply":{"nesting_mode":"list","block":{"attributes":{"allow_kops_downgrade":{"type":"bool","description_kind":"plain","optional":true},"skip":{"type":"bool","description_kind":"plain","optional":true}},"description_kind":"plain"},"max_items":1},"rolling_update":{"nesting_mode":"list","block":{"attributes":{"bastion_interval":{"type":"string","description_kind":"plain","optional":true},"cloud_only":{"type":"bool","description_kind":"plain","optional":true},"fail_on_drain_error":{"type":"bool","description_kind":"plain","optional":true},"fail_on_validate":{"type":"bool","description_kind":"plain","optional":true},"force":{"type":"bool","description_kind":"plain","optional":true},"master_interval":{"type":"string","description_kind":"plain","optional":true},"node_interval":{"type":"string","description_kind":"plain","optional":true},"post_drain_delay":{"type":"string","description_kind":"plain","optional":true},"skip":{"type":"bool","description_kind":"plain","optional":true},"validate_count":{"type":"number","description_kind":"plain","optional":true},"validation_timeout":{"type":"string","description_kind":"plain","optional":true}},"description_kind":"plain"},"max_items":1},"validate":{"nesting_mode":"list","block":{"attributes":{"poll_interval":{"type":"string","description_kind":"plain","optional":true},"skip":{"type":"bool","description_kind":"plain","optional":true},"timeout":{"type":"string","description_kind":"plain","optional":true}},"description_kind":"plain"},"max_items":1}},"description_kind":"plain"}},"kops_instance_group":{"version":2,"block":{"attributes":{"additional_security_groups":{"type":["list","string"],"description_kind":"plain","optional":true},"associate_public_ip":{"type":"bool","description_kind":"plain","optional":true},"autoscale":{"type":"bool","description_kind":"plain","optional":true},"cloud_labels":{"type":["map","string"],"description_kind":"plain","optional":true},"cluster_name":{"type":"string","description_kind":"plain","required":true},"compress_user_data":{"type":"bool","description_kind":"plain","optional":true},"cpu_credits":{"type":"string","description_kind":"plain","optional":true},"detailed_instance_monitoring":{"type":"bool","description_kind":"plain","optional":true},"id":{"type":"string","description_kind":"plain","optional":true,"computed":true},"image":{"type":"string","description_kind":"plain","optional":true,"computed":true},"instance_interruption_behavior":{"type":"string","description_kind":"plain","optional":true},"instance_protection":{"type":"bool","description_kind":"plain","optional":true},"machine_type":{"type":"string","description_kind":"plain","required":true},"max_price":{"type":"string","description_kind":"plain","optional":true},"max_size":{"type":"number","description_kind":"plain","required":true},"min_size":{"type":"number","description_kind":"plain","required":true},"name":{"type":"string","description_kind":"plain","required":true},"node_labels":{"type":["map","string"],"description_kind":"plain","optional":true},"revision":{"type":"number","description_kind":"plain","computed":true},"role":{"type":"string","description_kind":"plain","required":true},"root_volume_delete_on_termination":{"type":"bool","description_kind":"plain","optional":true},"root_volume_encryption":{"type":"bool","description_kind":"plain","optional":true},"root_volume_encryption_key":{"type":"string","description_kind":"plain","optional":true},"root_volume_iops":{"type":"number","description_kind":"plain","optional":true},"root_volume_optimization":{"type":"bool","description_kind":"plain","optional":true},"root_volume_size":{"type":"number","description_kind":"plain","optional":true},"root_volume_throughput":{"type":"number","description_kind":"plain","optional":true},"root_volume_type":{"type":"string","description_kind":"plain","optional":true},"security_group_override":{"type":"string","description_kind":"plain","optional":true},"spot_duration_in_minutes":{"type":"number","description_kind":"plain","optional":true},"subnets":{"type":["list","string"],"description_kind":"plain","required":true},"suspend_processes":{"type":["list","string"],"description_kind":"plain","optional":true},"sysctl_parameters":{"type":["list","string"],"description_kind":"plain","optional":true},"taints":{"type":["list","string"],"description_kind":"plain","optional":true},"tenancy":{"type":"string","description_kind":"plain","optional":true},"update_policy":{"type":"string","description_kind":"plain","optional":true},"zones":{"type":["list","string"],"description_kind":"plain","optional":true}},"block_types":{"additional_user_data":{"nesting_mode":"list","block":{"attributes":{"content":{"type":"string","description_kind":"plain","required":true},"name":{"type":"string","description_kind":"plain","required":true},"type":{"type":"string","description_kind":"plain","required":true}},"description_kind":"plain"}},"external_load_balancers":{"nesting_mode":"list","block":{"attributes":{"load_balancer_name":{"type":"string","description_kind":"plain","optional":true},"target_group_arn":{"type":"string","description_kind":"plain","optional":true}},"description_kind":"plain"}},"file_assets":{"nesting_mode":"list","block":{"attributes":{"content":{"type":"string","description_kind":"plain","required":true},"is_base64":{"type":"bool","description_kind":"plain","optional":true},"name":{"type":"string","description_kind":"plain","required":true},"path":{"type":"string","description_kind":"plain","required":true},"roles":{"type":["list","string"],"description_kind":"plain","optional":true}},"description_kind":"plain"}},"hooks":{"nesting_mode":"list","block":{"attributes":{"before":{"type":["list","string"],"description_kind":"plain","optional":true},"disabled":{"type":"bool","description_kind":"plain","optional":true},"manifest":{"type":"string","description_kind":"plain","optional":true},"name":{"type":"string","description_kind":"plain","required":true},"requires":{"type":["list","string"],"description_kind":"plain","optional":true},"roles":{"type":["list","string"],"description_kind":"plain","optional":true},"use_raw_manifest":{"type":"bool","description_kind":"plain","optional":true}},"block_types":{"exec_container":{"nesting_mode":"list","block":{"attributes":{"command":{"type":["list","string"],"description_kind":"plain","optional":true},"environment":{"type":["map","string"],"description_kind":"plain","optional":true},"image":{"type":"string","description_kind":"plain","required":true}},"description_kind":"plain"},"max_items":1}},"description_kind":"plain"}},"iam":{"nesting_mode":"list","block":{"attributes":{"profile":{"type":"string","description_kind":"plain","required":true}},"description_kind":"plain"},"max_items":1},"instance_metadata":{"nesting_mode":"list","block":{"attributes":{"http_put_response_hop_limit":{"type":"number","description_kind":"plain","optional":true},"http_tokens":{"type":"string","description_kind":"plain","optional":true}},"description_kind":"plain"},"max_items":1},"kubelet":{"nesting_mode":"list","block":{"attributes":{"allow_privileged":{"type":"bool","description_kind":"plain","optional":true},"allowed_unsafe_sysctls":{"type":["list","string"],"description_kind":"plain","optional":true},"api_servers":{"type":"string","description_kind":"plain","optional":true},"authentication_token_webhook":{"type":"bool","description_kind":"plain","optional":true},"authentication_token_webhook_cache_ttl":{"type":"string","description_kind":"plain","optional":true},"authorization_mode":{"type":"string","description_kind":"plain","optional":true},"babysit_daemons":{"type":"bool","description_kind":"plain","optional":true},"bootstrap_kubeconfig":{"type":"string","description_kind":"plain","optional":true},"cgroup_driver":{"type":"string","description_kind":"plain","optional":true},"cgroup_root":{"type":"string","description_kind":"plain","optional":true},"client_ca_file":{"type":"string","description_kind":"plain","optional":true},"cloud_provider":{"type":"string","description_kind":"plain","optional":true},"cluster_dns":{"type":"string","description_kind":"plain","optional":true},"cluster_domain":{"type":"string","description_kind":"plain","optional":true},"configure_cbr0":{"type":"bool","description_kind":"plain","optional":true},"container_log_max_files":{"type":"number","description_kind":"plain","optional":true},"container_log_max_size":{"type":"string","description_kind":"plain","optional":true},"cpu_cfs_quota_period":{"type":"string","description_kind":"plain","optional":true},"cpu_manager_policy":{"type":"string","description_kind":"plain","optional":true},"docker_disable_shared_pid":{"type":"bool","description_kind":"plain","optional":true},"enable_cadvisor_json_endpoints":{"type":"bool","description_kind":"plain","optional":true},"enable_custom_metrics":{"type":"bool","description_kind":"plain","optional":true},"enable_debugging_handlers":{"type":"bool","description_kind":"plain","optional":true},"enforce_node_allocatable":{"type":"string","description_kind":"plain","optional":true},"event_burst":{"type":"number","description_kind":"plain","optional":true},"event_qps":{"type":"number","description_kind":"plain","optional":true},"eviction_hard":{"type":"string","description_kind":"plain","optional":true},"eviction_max_pod_grace_period":{"type":"number","description_kind":"plain","optional":true},"eviction_minimum_reclaim":{"type":"string","description_kind":"plain","optional":true},"eviction_pressure_transition_period":{"type":"string","description_kind":"plain","optional":true},"eviction_soft":{"type":"string","description_kind":"plain","optional":true},"eviction_soft_grace_period":{"type":"string","description_kind":"plain","optional":true},"experimental_allowed_unsafe_sysctls":{"type":["list","string"],"description_kind":"plain","optional":true},"fail_swap_on":{"type":"bool","description_kind":"plain","optional":true},"feature_gates":{"type":["map","string"],"description_kind":"plain","optional":true},"hairpin_mode":{"type":"string","description_kind":"plain","optional":true},"hostname_override":{"type":"string","description_kind":"plain","optional":true},"housekeeping_interval":{"type":"string","description_kind":"plain","optional":true},"image_gc_high_threshold_percent":{"type":"number","description_kind":"plain","optional":true},"image_gc_low_threshold_percent":{"type":"number","description_kind":"plain","optional":true},"image_pull_progress_deadline":{"type":"string","description_kind":"plain","optional":true},"kube_reserved":{"type":["map","string"],"description_kind":"plain","optional":true},"kube_reserved_cgroup":{"type":"string","description_kind":"plain","optional":true},"kubeconfig_path":{"type":"string","description_kind":"plain","optional":true},"kubelet_cgroups":{"type":"string","description_kind":"plain","optional":true},"log_level":{"type":"number","description_kind":"plain","optional":true},"max_pods":{"type":"number","description_kind":"plain","optional":true},"network_plugin_mtu":{"type":"number","description_kind":"plain","optional":true},"network_plugin_name":{"type":"string","description_kind":"plain","optional":true},"node_labels":{"type":["map","string"],"description_kind":"plain","optional":true},"node_status_update_frequency":{"type":"string","description_kind":"plain","optional":true},"non_masquerade_cidr":{"type":"string","description_kind":"plain","optional":true},"nvidia_gp_us":{"type":"number","description_kind":"plain","optional":true},"pod_cidr":{"type":"string","description_kind":"plain","optional":true},"pod_infra_container_image":{"type":"string","description_kind":"plain","optional":true},"pod_manifest_path":{"type":"string","description_kind":"plain","optional":true},"protect_kernel_defaults":{"type":"bool","description_kind":"plain","optional":true},"read_only_port":{"type":"number","description_kind":"plain","optional":true},"reconcile_cidr":{"type":"bool","description_kind":"plain","optional":true},"register_node":{"type":"bool","description_kind":"plain","optional":true},"register_schedulable":{"type":"bool","description_kind":"plain","optional":true},"registry_burst":{"type":"number","description_kind":"plain","optional":true},"registry_pull_qps":{"type":"number","description_kind":"plain","optional":true},"require_kubeconfig":{"type":"bool","description_kind":"plain","optional":true},"resolver_config":{"type":"string","description_kind":"plain","optional":true},"root_dir":{"type":"string","description_kind":"plain","optional":true},"rotate_certificates":{"type":"bool","description_kind":"plain","optional":true},"runtime_cgroups":{"type":"string","description_kind":"plain","optional":true},"runtime_request_timeout":{"type":"string","description_kind":"plain","optional":true},"seccomp_profile_root":{"type":"string","description_kind":"plain","optional":true},"serialize_image_pulls":{"type":"bool","description_kind":"plain","optional":true},"streaming_connection_idle_timeout":{"type":"string","description_kind":"plain","optional":true},"system_cgroups":{"type":"string","description_kind":"plain","optional":true},"system_reserved":{"type":["map","string"],"description_kind":"plain","optional":true},"system_reserved_cgroup":{"type":"string","description_kind":"plain","optional":true},"taints":{"type":["list","string"],"description_kind":"plain","optional":true},"tls_cert_file":{"type":"string","description_kind":"plain","optional":true},"tls_cipher_suites":{"type":["list","string"],"description_kind":"plain","optional":true},"tls_min_version":{"type":"string","description_kind":"plain","optional":true},"tls_private_key_file":{"type":"string","description_kind":"plain","optional":true},"topology_manager_policy":{"type":"string","description_kind":"plain","optional":true},"volume_plugin_directory":{"type":"string","description_kind":"plain","optional":true},"volume_stats_agg_period":{"type":"string","description_kind":"plain","optional":true}},"block_types":{"anonymous_auth":{"nesting_mode":"list","block":{"attributes":{"value":{"type":"bool","description_kind":"plain","optional":true}},"description_kind":"plain"},"max_items":1},"cpu_cfs_quota":{"nesting_mode":"list","block":{"attributes":{"value":{"type":"bool","description_kind":"plain","optional":true}},"description_kind":"plain"},"max_items":1}},"description_kind":"plain"},"max_items":1},"mixed_instances_policy":{"nesting_mode":"list","block":{"attributes":{"instances":{"type":["list","string"],"description_kind":"plain","optional":true},"on_demand_allocation_strategy":{"type":"string","description_kind":"plain","optional":true},"spot_allocation_strategy":{"type":"string","description_kind":"plain","optional":true},"spot_instance_pools":{"type":"number","description_kind":"plain","optional":true}},"block_types":{"on_demand_above_base":{"nesting_mode":"list","block":{"attributes":{"value":{"type":"number","description_kind":"plain","optional":true}},"description_kind":"plain"},"max_items":1},"on_demand_base":{"nesting_mode":"list","block":{"attributes":{"value":{"type":"number","description_kind":"plain","optional":true}},"description_kind":"plain"},"max_items":1}},"description_kind":"plain"},"max_items":1},"rolling_update":{"nesting_mode":"list","block":{"attributes":{"drain_and_terminate":{"type":"bool","description_kind":"plain","optional":true},"max_surge":{"type":"string","description_kind":"plain","optional":true},"max_unavailable":{"type":"string","description_kind":"plain","optional":true}},"description_kind":"plain"},"max_items":1},"volume_mounts":{"nesting_mode":"list","block":{"attributes":{"device":{"type":"string","description_kind":"plain","required":true},"filesystem":{"type":"string","description_kind":"plain","required":true},"format_options":{"type":["list","string"],"description_kind":"plain","optional":true},"mount_options":{"type":["list","string"],"description_kind":"plain","optional":true},"path":{"type":"string","description_kind":"plain","required":true}},"description_kind":"plain"}},"volumes":{"nesting_mode":"list","block":{"attributes":{"delete_on_termination":{"type":"bool","description_kind":"plain","optional":true},"device":{"type":"string","description_kind":"plain","required":true},"encrypted":{"type":"bool","description_kind":"plain","optional":true},"iops":{"type":"number","description_kind":"plain","optional":true},"key":{"type":"string","description_kind":"plain","optional":true},"size":{"type":"number","description_kind":"plain","optional":true},"throughput":{"type":"number","description_kind":"plain","optional":true},"type":{"type":"string","description_kind":"plain","optional":true}},"description_kind":"plain"}},"warm_pool":{"nesting_mode":"list","block":{"attributes":{"enable_lifecycle_hook":{"type":"bool","description_kind":"plain","optional":true},"max_size":{"type":"number","description_kind":"plain","optional":true},"min_size":{"type":"number","description_kind":"plain","optional":true}},"description_kind":"plain"},"max_items":1}},"description_kind":"plain"}}},"data_source_schemas":{"kops_cluster":{"version":2,"block":{"attributes":{"additional_network_cidrs":{"type":["list","string"],"description_kind":"plain","computed":true},"additional_policies":{"type":["map","string"],"description_kind":"plain","computed":true},"additional_sans":{"type":["list","string"],"description_kind":"plain","computed":true},"addons":{"type":["list",["object",{"manifest":"string"}]],"description_kind":"plain","computed":true},"admin_ssh_key":{"type":"string","description_kind":"plain","computed":true},"api":{"type":["list",["object",{"dns":["list",["object",{}]],"load_balancer":["list",["object",{"additional_security_groups":["list","string"],"class":"string","cross_zone_load_balancing":"bool","idle_timeout_seconds":"number","security_group_override":"string","ssl_certificate":"string","ssl_policy":"string","subnets":["list",["object",{"allocation_id":"string","name":"string","private_ipv4_address":"string"}]],"type":"string","use_for_internal_api":"bool"}]]}]],"description_kind":"plain","computed":true},"assets":{"type":["list",["object",{"container_proxy":"string","container_registry":"string","file_repository":"string"}]],"description_kind":"plain","computed":true},"authentication":{"type":["list",["object",{"aws":["list",["object",{"backend_mode":"string","cluster_id":"string","cpu_limit":"string","cpu_request":"string","image":"string","memory_limit":"string","memory_request":"string"}]],"kopeio":["list",["object",{}]]}]],"description_kind":"plain","computed":true},"authorization":{"type":["list",["object",{"always_allow":["list",["object",{}]],"rbac":["list",["object",{}]]}]],"description_kind":"plain","computed":true},"aws_load_balancer_controller":{"type":["list",["object",{"enabled":"bool","version":"string"}]],"description_kind":"plain","computed":true},"cert_manager":{"type":["list",["object",{"default_issuer":"string","enabled":"bool","image":"string","managed":"bool"}]],"description_kind":"plain","computed":true},"channel":{"type":"string","description_kind":"plain","computed":true},"cloud_config":{"type":["list",["object",{"aws_ebs_csi_driver":["list",["object",{"enabled":"bool","version":"string","volume_attach_limit":"number"}]],"azure":["list",["object",{"admin_user":"string","resource_group_name":"string","route_table_name":"string","subscription_id":"string","tenant_id":"string"}]],"disable_security_group_ingress":"bool","elb_security_group":"string","gce_service_account":"string","manage_storage_classes":"bool","multizone":"bool","node_instance_prefix":"string","node_tags":"string","openstack":["list",["object",{"block_storage":["list",["object",{"create_storage_class":"bool","csi_plugin_image":"string","csi_topology_support":"bool","ignore_az":"bool","override_az":"string","version":"string"}]],"insecure_skip_verify":"bool","loadbalancer":["list",["object",{"floating_network":"string","floating_network_id":"string","floating_subnet":"string","manage_sec_groups":"bool","method":"string","provider":"string","subnet_id":"string","use_octavia":"bool"}]],"monitor":["list",["object",{"delay":"string","max_retries":"number","timeout":"string"}]],"network":["list",["object",{"availability_zone_hints":["list","string"]}]],"router":["list",["object",{"availability_zone_hints":["list","string"],"dns_servers":"string","external_network":"string","external_subnet":"string"}]]}]],"spotinst_orientation":"string","spotinst_product":"string","v_sphere_core_dns_server":"string","v_sphere_datacenter":"string","v_sphere_datastore":"string","v_sphere_password":"string","v_sphere_resource_pool":"string","v_sphere_server":"string","v_sphere_username":"string"}]],"description_kind":"plain","computed":true},"cloud_labels":{"type":["map","string"],"description_kind":"plain","computed":true},"cloud_provider":{"type":"string","description_kind":"plain","computed":true},"cluster_autoscaler":{"type":["list",["object",{"aws_use_static_instance_list":"bool","balance_similar_node_groups":"bool","cpu_request":"string","enabled":"bool","expander":"string","image":"string","memory_request":"string","new_pod_scale_up_delay":"string","scale_down_delay_after_add":"string","scale_down_utilization_threshold":"string","skip_nodes_with_local_storage":"bool","skip_nodes_with_system_pods":"bool"}]],"description_kind":"plain","computed":true},"cluster_dns_domain":{"type":"string","description_kind":"plain","computed":true},"config_base":{"type":"string","description_kind":"plain","computed":true},"config_store":{"type":"string","description_kind":"plain","computed":true},"container_runtime":{"type":"string","description_kind":"plain","computed":true},"containerd":{"type":["list",["object",{"address":"string","config_override":"string","log_level":"string","packages":["list",["object",{"hash_amd64":"string","hash_arm64":"string","url_amd64":"string","url_arm64":"string"}]],"registry_mirrors":["list",["object",{"key":"string","value":["list","string"]}]],"root":"string","skip_install":"bool","state":"string","version":"string"}]],"description_kind":"plain","computed":true},"disable_subnet_tags":{"type":"bool","description_kind":"plain","computed":true},"dns_zone":{"type":"string","description_kind":"plain","computed":true},"docker":{"type":["list",["object",{"authorization_plugins":["list","string"],"bridge":"string","bridge_ip":"string","data_root":"string","default_runtime":"string","default_ulimit":["list","string"],"exec_opt":["list","string"],"exec_root":"string","experimental":"bool","health_check":"bool","hosts":["list","string"],"insecure_registries":["list","string"],"insecure_registry":"string","ip_masq":"bool","ip_tables":"bool","live_restore":"bool","log_driver":"string","log_level":"string","log_opt":["list","string"],"metrics_address":"string","mtu":"number","packages":["list",["object",{"hash_amd64":"string","hash_arm64":"string","url_amd64":"string","url_arm64":"string"}]],"registry_mirrors":["list","string"],"runtimes":["list","string"],"selinux_enabled":"bool","skip_install":"bool","storage":"string","storage_opts":["list","string"],"user_namespace_remap":"string","version":"string"}]],"description_kind":"plain","computed":true},"egress_proxy":{"type":["list",["object",{"http_proxy":["list",["object",{"host":"string","port":"number"}]],"proxy_excludes":"string"}]],"description_kind":"plain","computed":true},"encryption_config":{"type":"bool","description_kind":"plain","computed":true},"etcd_cluster":{"type":["list",["object",{"backups":["list",["object",{"backup_store":"string","image":"string"}]],"cpu_request":"string","enable_etcd_tls":"bool","enable_tls_auth":"bool","heartbeat_interval":"string","image":"string","leader_election_timeout":"string","manager":["list",["object",{"discovery_poll_interval":"string","env":["list",["object",{"name":"string","value":"string"}]],"image":"string","log_level":"number"}]],"member":["list",["object",{"encrypted_volume":"bool","instance_group":"string","kms_key_id":"string","name":"string","volume_iops":"number","volume_size":"number","volume_throughput":"number","volume_type":"string"}]],"memory_request":"string","name":"string","provider":"string","version":"string"}]],"description_kind":"plain","computed":true},"external_cloud_controller_manager":{"type":["list",["object",{"allocate_node_cidrs":"bool","cidr_allocator_type":"string","cloud_provider":"string","cluster_cidr":"string","cluster_name":"string","configure_cloud_routes":"bool","image":"string","leader_election":["list",["object",{"leader_elect":"bool","leader_elect_lease_duration":"string","leader_elect_renew_deadline_duration":"string","leader_elect_resource_lock":"string","leader_elect_resource_name":"string","leader_elect_resource_namespace":"string","leader_elect_retry_period":"string"}]],"log_level":"number","master":"string","use_service_account_credentials":"bool"}]],"description_kind":"plain","computed":true},"external_dns":{"type":["list",["object",{"disable":"bool","watch_ingress":"bool","watch_namespace":"string"}]],"description_kind":"plain","computed":true},"file_assets":{"type":["list",["object",{"content":"string","is_base64":"bool","name":"string","path":"string","roles":["list","string"]}]],"description_kind":"plain","computed":true},"hooks":{"type":["list",["object",{"before":["list","string"],"disabled":"bool","exec_container":["list",["object",{"command":["list","string"],"environment":["map","string"],"image":"string"}]],"manifest":"string","name":"string","requires":["list","string"],"roles":["list","string"],"use_raw_manifest":"bool"}]],"description_kind":"plain","computed":true},"iam":{"type":["list",["object",{"allow_container_registry":"bool","legacy":"bool","permissions_boundary":"string","service_account_external_permissions":["list",["object",{"aws":["list",["object",{"inline_policy":"string","policy_ar_ns":["list","string"]}]],"name":"string","namespace":"string"}]]}]],"description_kind":"plain","computed":true},"id":{"type":"string","description_kind":"plain","optional":true,"computed":true},"isolate_masters":{"type":"bool","description_kind":"plain","computed":true},"key_store":{"type":"string","description_kind":"plain","computed":true},"kube_api_server":{"type":["list",["object",{"address":"string","admission_control":["list","string"],"admission_control_config_file":"string","allow_privileged":"bool","anonymous_auth":["list",["object",{"value":"bool"}]],"api_audiences":["list","string"],"api_server_count":"number","append_admission_plugins":["list","string"],"audit_dynamic_configuration":"bool","audit_log_format":"string","audit_log_max_age":"number","audit_log_max_backups":"number","audit_log_max_size":"number","audit_log_path":"string","audit_policy_file":"string","audit_webhook_batch_buffer_size":"number","audit_webhook_batch_max_size":"number","audit_webhook_batch_max_wait":"string","audit_webhook_batch_throttle_burst":"number","audit_webhook_batch_throttle_enable":"bool","audit_webhook_batch_throttle_qps":"string","audit_webhook_config_file":"string","audit_webhook_initial_backoff":"string","audit_webhook_mode":"string","authentication_token_webhook_cache_ttl":"string","authentication_token_webhook_config_file":"string","authorization_mode":"string","authorization_rbac_super_user":"string","authorization_webhook_cache_authorized_ttl":"string","authorization_webhook_cache_unauthorized_ttl":"string","authorization_webhook_config_file":"string","basic_auth_file":"string","bind_address":"string","client_ca_file":"string","cloud_provider":"string","cors_allowed_origins":["list","string"],"cpu_limit":"string","cpu_request":"string","default_not_ready_toleration_seconds":"number","default_unreachable_toleration_seconds":"number","disable_admission_plugins":["list","string"],"disable_basic_auth":"bool","enable_admission_plugins":["list","string"],"enable_aggregator_routing":"bool","enable_bootstrap_auth_token":"bool","enable_profiling":"bool","encryption_provider_config":"string","etcd_ca_file":"string","etcd_cert_file":"string","etcd_key_file":"string","etcd_quorum_read":"bool","etcd_servers":["list","string"],"etcd_servers_overrides":["list","string"],"event_ttl":"string","experimental_encryption_provider_config":"string","feature_gates":["map","string"],"http2_max_streams_per_connection":"number","image":"string","insecure_bind_address":"string","insecure_port":"number","kubelet_certificate_authority":"string","kubelet_client_certificate":"string","kubelet_client_key":"string","kubelet_preferred_address_types":["list","string"],"log_level":"number","max_mutating_requests_inflight":"number","max_requests_inflight":"number","memory_limit":"string","memory_request":"string","min_request_timeout":"number","oidc_client_id":"string","oidc_groups_claim":"string","oidc_groups_prefix":"string","oidc_issuer_url":"string","oidc_required_claim":["list","string"],"oidc_username_claim":"string","oidc_username_prefix":"string","oidcca_file":"string","proxy_client_cert_file":"string","proxy_client_key_file":"string","request_timeout":"string","requestheader_allowed_names":["list","string"],"requestheader_client_ca_file":"string","requestheader_extra_header_prefixes":["list","string"],"requestheader_group_headers":["list","string"],"requestheader_username_headers":["list","string"],"runtime_config":["map","string"],"secure_port":"number","service_account_issuer":"string","service_account_jwksuri":"string","service_account_key_file":["list","string"],"service_account_signing_key_file":"string","service_cluster_ip_range":"string","service_node_port_range":"string","storage_backend":"string","target_ram_mb":"number","tls_cert_file":"string","tls_cipher_suites":["list","string"],"tls_min_version":"string","tls_private_key_file":"string","token_auth_file":"string"}]],"description_kind":"plain","computed":true},"kube_controller_manager":{"type":["list",["object",{"allocate_node_cidrs":"bool","attach_detach_reconcile_sync_period":"string","authentication_kubeconfig":"string","authorization_always_allow_paths":["list","string"],"authorization_kubeconfig":"string","cidr_allocator_type":"string","cloud_provider":"string","cluster_cidr":"string","cluster_name":"string","concurrent_deployment_syncs":"number","concurrent_endpoint_syncs":"number","concurrent_namespace_syncs":"number","concurrent_rc_syncs":"number","concurrent_replicaset_syncs":"number","concurrent_resource_quota_syncs":"number","concurrent_service_syncs":"number","concurrent_serviceaccount_token_syncs":"number","configure_cloud_routes":"bool","controllers":["list","string"],"disable_attach_detach_reconcile_sync":"bool","enable_profiling":"bool","experimental_cluster_signing_duration":"string","external_cloud_volume_plugin":"string","feature_gates":["map","string"],"horizontal_pod_autoscaler_cpu_initialization_period":"string","horizontal_pod_autoscaler_downscale_delay":"string","horizontal_pod_autoscaler_downscale_stabilization":"string","horizontal_pod_autoscaler_initial_readiness_delay":"string","horizontal_pod_autoscaler_sync_period":"string","horizontal_pod_autoscaler_tolerance":"string","horizontal_pod_autoscaler_upscale_delay":"string","horizontal_pod_autoscaler_use_rest_clients":"bool","image":"string","kube_api_burst":"number","kube_api_qps":"string","leader_election":["list",["object",{"leader_elect":"bool","leader_elect_lease_duration":"string","leader_elect_renew_deadline_duration":"string","leader_elect_resource_lock":"string","leader_elect_resource_name":"string","leader_elect_resource_namespace":"string","leader_elect_retry_period":"string"}]],"log_level":"number","master":"string","min_resync_period":"string","node_cidr_mask_size":"number","node_monitor_grace_period":"string","node_monitor_period":"string","pod_eviction_timeout":"string","root_ca_file":"string","service_account_private_key_file":"string","terminated_pod_gc_threshold":"number","tls_cipher_suites":["list","string"],"tls_min_version":"string","use_service_account_credentials":"bool"}]],"description_kind":"plain","computed":true},"kube_dns":{"type":["list",["object",{"cache_max_concurrent":"number","cache_max_size":"number","core_dns_image":"string","cpa_image":"string","cpu_request":"string","domain":"string","external_core_file":"string","image":"string","memory_limit":"string","memory_request":"string","node_local_dns":["list",["object",{"cpu_request":"string","enabled":"bool","forward_to_kube_dns":"bool","local_ip":"string","memory_request":"string"}]],"provider":"string","replicas":"number","server_ip":"string","stub_domains":["list",["object",{"key":"string","value":["list","string"]}]],"upstream_nameservers":["list","string"]}]],"description_kind":"plain","computed":true},"kube_proxy":{"type":["list",["object",{"bind_address":"string","cluster_cidr":"string","conntrack_max_per_core":"number","conntrack_min":"number","cpu_limit":"string","cpu_request":"string","enabled":"bool","feature_gates":["map","string"],"hostname_override":"string","image":"string","ip_vs_exclude_cidr_s":["list","string"],"ip_vs_min_sync_period":"string","ip_vs_scheduler":"string","ip_vs_sync_period":"string","log_level":"number","master":"string","memory_limit":"string","memory_request":"string","metrics_bind_address":"string","proxy_mode":"string"}]],"description_kind":"plain","computed":true},"kube_scheduler":{"type":["list",["object",{"authentication_kubeconfig":"string","authorization_always_allow_paths":["list","string"],"authorization_kubeconfig":"string","burst":"number","enable_profiling":"bool","feature_gates":["map","string"],"image":"string","leader_election":["list",["object",{"leader_elect":"bool","leader_elect_lease_duration":"string","leader_elect_renew_deadline_duration":"string","leader_elect_resource_lock":"string","leader_elect_resource_name":"string","leader_elect_resource_namespace":"string","leader_elect_retry_period":"string"}]],"log_level":"number","master":"string","max_persistent_volumes":"number","qps":"string","use_policy_config_map":"bool"}]],"description_kind":"plain","computed":true},"kubelet":{"type":["list",["object",{"allow_privileged":"bool","allowed_unsafe_sysctls":["list","string"],"anonymous_auth":["list",["object",{"value":"bool"}]],"api_servers":"string","authentication_token_webhook":"bool","authentication_token_webhook_cache_ttl":"string","authorization_mode":"string","babysit_daemons":"bool","bootstrap_kubeconfig":"string","cgroup_driver":"string","cgroup_root":"string","client_ca_file":"string","cloud_provider":"string","cluster_dns":"string","cluster_domain":"string","configure_cbr0":"bool","container_log_max_files":"number","container_log_max_size":"string","cpu_cfs_quota":["list",["object",{"value":"bool"}]],"cpu_cfs_quota_period":"string","cpu_manager_policy":"string","docker_disable_shared_pid":"bool","enable_cadvisor_json_endpoints":"bool","enable_custom_metrics":"bool","enable_debugging_handlers":"bool","enforce_node_allocatable":"string","event_burst":"number","event_qps":"number","eviction_hard":"string","eviction_max_pod_grace_period":"number","eviction_minimum_reclaim":"string","eviction_pressure_transition_period":"string","eviction_soft":"string","eviction_soft_grace_period":"string","experimental_allowed_unsafe_sysctls":["list","string"],"fail_swap_on":"bool","feature_gates":["map","string"],"hairpin_mode":"string","hostname_override":"string","housekeeping_interval":"string","image_gc_high_threshold_percent":"number","image_gc_low_threshold_percent":"number","image_pull_progress_deadline":"string","kube_reserved":["map","string"],"kube_reserved_cgroup":"string","kubeconfig_path":"string","kubelet_cgroups":"string","log_level":"number","max_pods":"number","network_plugin_mtu":"number","network_plugin_name":"string","node_labels":["map","string"],"node_status_update_frequency":"string","non_masquerade_cidr":"string","nvidia_gp_us":"number","pod_cidr":"string","pod_infra_container_image":"string","pod_manifest_path":"string","protect_kernel_defaults":"bool","read_only_port":"number","reconcile_cidr":"bool","register_node":"bool","register_schedulable":"bool","registry_burst":"number","registry_pull_qps":"number","require_kubeconfig":"bool","resolver_config":"string","root_dir":"string","rotate_certificates":"bool","runtime_cgroups":"string","runtime_request_timeout":"string","seccomp_profile_root":"string","serialize_image_pulls":"bool","streaming_connection_idle_timeout":"string","system_cgroups":"string","system_reserved":["map","string"],"system_reserved_cgroup":"string","taints":["list","string"],"tls_cert_file":"string","tls_cipher_suites":["list","string"],"tls_min_version":"string","tls_private_key_file":"string","topology_manager_policy":"string","volume_plugin_directory":"string","volume_stats_agg_period":"string"}]],"description_kind":"plain","computed":true},"kubernetes_api_access":{"type":["list","string"],"description_kind":"plain","computed":true},"kubernetes_version":{"type":"string","description_kind":"plain","computed":true},"master_internal_name":{"type":"string","description_kind":"plain","computed":true},"master_kubelet":{"type":["list",["object",{"allow_privileged":"bool","allowed_unsafe_sysctls":["list","string"],"anonymous_auth":["list",["object",{"value":"bool"}]],"api_servers":"string","authentication_token_webhook":"bool","authentication_token_webhook_cache_ttl":"string","authorization_mode":"string","babysit_daemons":"bool","bootstrap_kubeconfig":"string","cgroup_driver":"string","cgroup_root":"string","client_ca_file":"string","cloud_provider":"string","cluster_dns":"string","cluster_domain":"string","configure_cbr0":"bool","container_log_max_files":"number","container_log_max_size":"string","cpu_cfs_quota":["list",["object",{"value":"bool"}]],"cpu_cfs_quota_period":"string","cpu_manager_policy":"string","docker_disable_shared_pid":"bool","enable_cadvisor_json_endpoints":"bool","enable_custom_metrics":"bool","enable_debugging_handlers":"bool","enforce_node_allocatable":"string","event_burst":"number","event_qps":"number","eviction_hard":"string","eviction_max_pod_grace_period":"number","eviction_minimum_reclaim":"string","eviction_pressure_transition_period":"string","eviction_soft":"string","eviction_soft_grace_period":"string","experimental_allowed_unsafe_sysctls":["list","string"],"fail_swap_on":"bool","feature_gates":["map","string"],"hairpin_mode":"string","hostname_override":"string","housekeeping_interval":"string","image_gc_high_threshold_percent":"number","image_gc_low_threshold_percent":"number","image_pull_progress_deadline":"string","kube_reserved":["map","string"],"kube_reserved_cgroup":"string","kubeconfig_path":"string","kubelet_cgroups":"string","log_level":"number","max_pods":"number","network_plugin_mtu":"number","network_plugin_name":"string","node_labels":["map","string"],"node_status_update_frequency":"string","non_masquerade_cidr":"string","nvidia_gp_us":"number","pod_cidr":"string","pod_infra_container_image":"string","pod_manifest_path":"string","protect_kernel_defaults":"bool","read_only_port":"number","reconcile_cidr":"bool","register_node":"bool","register_schedulable":"bool","registry_burst":"number","registry_pull_qps":"number","require_kubeconfig":"bool","resolver_config":"string","root_dir":"string","rotate_certificates":"bool","runtime_cgroups":"string","runtime_request_timeout":"string","seccomp_profile_root":"string","serialize_image_pulls":"bool","streaming_connection_idle_timeout":"string","system_cgroups":"string","system_reserved":["map","string"],"system_reserved_cgroup":"string","taints":["list","string"],"tls_cert_file":"string","tls_cipher_suites":["list","string"],"tls_min_version":"string","tls_private_key_file":"string","topology_manager_policy":"string","volume_plugin_directory":"string","volume_stats_agg_period":"string"}]],"description_kind":"plain","computed":true},"master_public_name":{"type":"string","description_kind":"plain","computed":true},"metrics_server":{"type":["list",["object",{"enabled":"bool","image":"string","insecure":"bool"}]],"description_kind":"plain","computed":true},"name":{"type":"string","description_kind":"plain","required":true},"network_cidr":{"type":"string","description_kind":"plain","computed":true},"network_id":{"type":"string","description_kind":"plain","computed":true},"networking":{"type":["list",["object",{"amazon_vpc":["list",["object",{"env":["list",["object",{"name":"string","value":"string"}]],"image_name":"string","init_image_name":"string"}]],"calico":["list",["object",{"aws_src_dst_check":"string","bpf_enabled":"bool","bpf_external_service_mode":"string","bpf_kube_proxy_iptables_cleanup_enabled":"bool","bpf_log_level":"string","chain_insert_mode":"string","cpu_request":"string","cross_subnet":"bool","encapsulation_mode":"string","ip_ip_mode":"string","iptables_backend":"string","ipv4_auto_detection_method":"string","ipv6_auto_detection_method":"string","log_severity_screen":"string","major_version":"string","mtu":"number","prometheus_go_metrics_enabled":"bool","prometheus_metrics_enabled":"bool","prometheus_metrics_port":"number","prometheus_process_metrics_enabled":"bool","registry":"string","typha_prometheus_metrics_enabled":"bool","typha_prometheus_metrics_port":"number","typha_replicas":"number","version":"string","wireguard_enabled":"bool"}]],"canal":["list",["object",{"chain_insert_mode":"string","cpu_request":"string","default_endpoint_to_host_action":"string","disable_flannel_forward_rules":"bool","disable_tx_checksum_offloading":"bool","iptables_backend":"string","log_severity_sys":"string","mtu":"number","prometheus_go_metrics_enabled":"bool","prometheus_metrics_enabled":"bool","prometheus_metrics_port":"number","prometheus_process_metrics_enabled":"bool","typha_prometheus_metrics_enabled":"bool","typha_prometheus_metrics_port":"number","typha_replicas":"number"}]],"cilium":["list",["object",{"access_log":"string","agent_labels":["list","string"],"agent_prometheus_port":"number","allow_localhost":"string","auto_direct_node_routes":"bool","auto_ipv6_node_routes":"bool","bpf_root":"string","bpfct_global_any_max":"number","bpfct_global_tcp_max":"number","cluster_name":"string","cni_bin_path":"string","container_runtime":["list","string"],"container_runtime_endpoint":["map","string"],"container_runtime_labels":"string","cpu_request":"string","debug":"bool","debug_verbose":["list","string"],"device":"string","disable_conntrack":"bool","disable_ipv4":"bool","disable_k_8s_services":"bool","disable_masquerade":"bool","enable_encryption":"bool","enable_host_reachable_services":"bool","enable_ipv4":"bool","enable_ipv6":"bool","enable_node_port":"bool","enable_policy":"string","enable_prometheus_metrics":"bool","enable_remote_node_identity":"bool","enable_tracing":"bool","envoy_log":"string","etcd_managed":"bool","hubble":["list",["object",{"enabled":"bool","metrics":["list","string"]}]],"ip_tables_rules_noinstall":"bool","ipam":"string","ipv4_cluster_cidr_mask_size":"number","ipv4_node":"string","ipv4_range":"string","ipv4_service_range":"string","ipv6_cluster_alloc_cidr":"string","ipv6_node":"string","ipv6_range":"string","ipv6_service_range":"string","k_8s_api_server":"string","k_8s_kubeconfig_path":"string","keep_bpf_templates":"bool","keep_config":"bool","label_prefix_file":"string","labels":["list","string"],"lb":"string","lib_dir":"string","log_drivers":["list","string"],"log_opt":["map","string"],"logstash":"bool","logstash_agent":"string","logstash_probe_timer":"number","memory_request":"string","monitor_aggregation":"string","nat46_range":"string","node_init_bootstrap_file":"string","pprof":"bool","preallocate_bpf_maps":"bool","prefilter_device":"string","prometheus_serve_addr":"string","reconfigure_kubelet":"bool","remove_cbr_bridge":"bool","restart_pods":"bool","restore":"bool","sidecar_istio_proxy_image":"string","single_cluster_route":"bool","socket_path":"string","state_dir":"string","to_fqdns_dns_reject_response_code":"string","to_fqdns_enable_poller":"bool","trace_payload_len":"number","tunnel":"string","version":"string"}]],"classic":["list",["object",{}]],"cni":["list",["object",{"uses_secondary_ip":"bool"}]],"external":["list",["object",{}]],"flannel":["list",["object",{"backend":"string","disable_tx_checksum_offloading":"bool","iptables_resync_seconds":"number"}]],"gce":["list",["object",{}]],"kopeio":["list",["object",{}]],"kubenet":["list",["object",{}]],"kuberouter":["list",["object",{}]],"lyft_vpc":["list",["object",{"subnet_tags":["map","string"]}]],"romana":["list",["object",{"daemon_service_ip":"string","etcd_service_ip":"string"}]],"weave":["list",["object",{"conn_limit":"number","cpu_limit":"string","cpu_request":"string","memory_limit":"string","memory_request":"string","mtu":"number","net_extra_args":"string","no_masq_local":"number","npc_cpu_limit":"string","npc_cpu_request":"string","npc_extra_args":"string","npc_memory_limit":"string","npc_memory_request":"string","version":"string"}]]}]],"description_kind":"plain","computed":true},"node_authorization":{"type":["list",["object",{"node_authorizer":["list",["object",{"authorizer":"string","features":["list","string"],"image":"string","interval":"string","node_url":"string","port":"number","timeout":"string","token_ttl":"string"}]]}]],"description_kind":"plain","computed":true},"node_port_access":{"type":["list","string"],"description_kind":"plain","computed":true},"node_termination_handler":{"type":["list",["object",{"cpu_request":"string","enable_prometheus_metrics":"bool","enable_scheduled_event_draining":"bool","enable_spot_interruption_draining":"bool","enable_sqs_termination_draining":"bool","enabled":"bool","managed_asg_tag":"string","memory_request":"string"}]],"description_kind":"plain","computed":true},"non_masquerade_cidr":{"type":"string","description_kind":"plain","computed":true},"ntp":{"type":["list",["object",{"managed":"bool"}]],"description_kind":"plain","computed":true},"pod_cidr":{"type":"string","description_kind":"plain","computed":true},"project":{"type":"string","description_kind":"plain","computed":true},"rolling_update":{"type":["list",["object",{"drain_and_terminate":"bool","max_surge":"string","max_unavailable":"string"}]],"description_kind":"plain","computed":true},"secret_store":{"type":"string","description_kind":"plain","computed":true},"secrets":{"type":["list",["object",{"cluster_ca_cert":"string","cluster_ca_key":"string","docker_config":"string"}]],"description_kind":"plain","computed":true},"service_account_issuer_discovery":{"type":["list",["object",{"discovery_store":"string","enable_aws_oidc_provider":"bool"}]],"description_kind":"plain","computed":true},"service_cluster_ip_range":{"type":"string","description_kind":"plain","computed":true},"snapshot_controller":{"type":["list",["object",{"enabled":"bool","install_default_class":"bool"}]],"description_kind":"plain","computed":true},"ssh_access":{"type":["list","string"],"description_kind":"plain","computed":true},"ssh_key_name":{"type":"string","description_kind":"plain","computed":true},"subnet":{"type":["list",["object",{"cidr":"string","egress":"string","name":"string","provider_id":"string","public_ip":"string","region":"string","type":"string","zone":"string"}]],"description_kind":"plain","computed":true},"sysctl_parameters":{"type":["list","string"],"description_kind":"plain","computed":true},"topology":{"type":["list",["object",{"bastion":["list",["object",{"bastion_public_name":"string","idle_timeout_seconds":"number","load_balancer":["list",["object",{"additional_security_groups":["list","string"]}]]}]],"dns":["list",["object",{"type":"string"}]],"masters":"string","nodes":"string"}]],"description_kind":"plain","computed":true},"update_policy":{"type":"string","description_kind":"plain","computed":true},"use_host_certificates":{"type":"bool","description_kind":"plain","computed":true},"warm_pool":{"type":["list",["object",{"enable_lifecycle_hook":"bool","max_size":"number","min_size":"number"}]],"description_kind":"plain","computed":true}},"block_types":{"external_policies":{"nesting_mode":"list","block":{"attributes":{"key":{"type":"string","description_kind":"plain","required":true},"value":{"type":["list","string"],"description_kind":"plain","required":true}},"description_kind":"plain"}}},"description_kind":"plain"}},"kops_cluster_status":{"version":0,"block":{"attributes":{"cluster_name":{"type":"string","description_kind":"plain","required":true},"exists":{"type":"bool","description_kind":"plain","computed":true},"id":{"type":"string","description_kind":"plain","optional":true,"computed":true},"instance_groups":{"type":["list","string"],"description_kind":"plain","computed":true},"is_valid":{"type":"bool","description_kind":"plain","computed":true},"needs_update":{"type":"bool","description_kind":"plain","computed":true}},"description_kind":"plain"}},"kops_instance_group":{"version":2,"block":{"attributes":{"additional_security_groups":{"type":["list","string"],"description_kind":"plain","computed":true},"additional_user_data":{"type":["list",["object",{"content":"string","name":"string","type":"string"}]],"description_kind":"plain","computed":true},"associate_public_ip":{"type":"bool","description_kind":"plain","computed":true},"autoscale":{"type":"bool","description_kind":"plain","computed":true},"cloud_labels":{"type":["map","string"],"description_kind":"plain","computed":true},"cluster_name":{"type":"string","description_kind":"plain","required":true},"compress_user_data":{"type":"bool","description_kind":"plain","computed":true},"cpu_credits":{"type":"string","description_kind":"plain","computed":true},"detailed_instance_monitoring":{"type":"bool","description_kind":"plain","computed":true},"external_load_balancers":{"type":["list",["object",{"load_balancer_name":"string","target_group_arn":"string"}]],"description_kind":"plain","computed":true},"file_assets":{"type":["list",["object",{"content":"string","is_base64":"bool","name":"string","path":"string","roles":["list","string"]}]],"description_kind":"plain","computed":true},"hooks":{"type":["list",["object",{"before":["list","string"],"disabled":"bool","exec_container":["list",["object",{"command":["list","string"],"environment":["map","string"],"image":"string"}]],"manifest":"string","name":"string","requires":["list","string"],"roles":["list","string"],"use_raw_manifest":"bool"}]],"description_kind":"plain","computed":true},"iam":{"type":["list",["object",{"profile":"string"}]],"description_kind":"plain","computed":true},"id":{"type":"string","description_kind":"plain","optional":true,"computed":true},"image":{"type":"string","description_kind":"plain","computed":true},"instance_interruption_behavior":{"type":"string","description_kind":"plain","computed":true},"instance_metadata":{"type":["list",["object",{"http_put_response_hop_limit":"number","http_tokens":"string"}]],"description_kind":"plain","computed":true},"instance_protection":{"type":"bool","description_kind":"plain","computed":true},"kubelet":{"type":["list",["object",{"allow_privileged":"bool","allowed_unsafe_sysctls":["list","string"],"anonymous_auth":["list",["object",{"value":"bool"}]],"api_servers":"string","authentication_token_webhook":"bool","authentication_token_webhook_cache_ttl":"string","authorization_mode":"string","babysit_daemons":"bool","bootstrap_kubeconfig":"string","cgroup_driver":"string","cgroup_root":"string","client_ca_file":"string","cloud_provider":"string","cluster_dns":"string","cluster_domain":"string","configure_cbr0":"bool","container_log_max_files":"number","container_log_max_size":"string","cpu_cfs_quota":["list",["object",{"value":"bool"}]],"cpu_cfs_quota_period":"string","cpu_manager_policy":"string","docker_disable_shared_pid":"bool","enable_cadvisor_json_endpoints":"bool","enable_custom_metrics":"bool","enable_debugging_handlers":"bool","enforce_node_allocatable":"string","event_burst":"number","event_qps":"number","eviction_hard":"string","eviction_max_pod_grace_period":"number","eviction_minimum_reclaim":"string","eviction_pressure_transition_period":"string","eviction_soft":"string","eviction_soft_grace_period":"string","experimental_allowed_unsafe_sysctls":["list","string"],"fail_swap_on":"bool","feature_gates":["map","string"],"hairpin_mode":"string","hostname_override":"string","housekeeping_interval":"string","image_gc_high_threshold_percent":"number","image_gc_low_threshold_percent":"number","image_pull_progress_deadline":"string","kube_reserved":["map","string"],"kube_reserved_cgroup":"string","kubeconfig_path":"string","kubelet_cgroups":"string","log_level":"number","max_pods":"number","network_plugin_mtu":"number","network_plugin_name":"string","node_labels":["map","string"],"node_status_update_frequency":"string","non_masquerade_cidr":"string","nvidia_gp_us":"number","pod_cidr":"string","pod_infra_container_image":"string","pod_manifest_path":"string","protect_kernel_defaults":"bool","read_only_port":"number","reconcile_cidr":"bool","register_node":"bool","register_schedulable":"bool","registry_burst":"number","registry_pull_qps":"number","require_kubeconfig":"bool","resolver_config":"string","root_dir":"string","rotate_certificates":"bool","runtime_cgroups":"string","runtime_request_timeout":"string","seccomp_profile_root":"string","serialize_image_pulls":"bool","streaming_connection_idle_timeout":"string","system_cgroups":"string","system_reserved":["map","string"],"system_reserved_cgroup":"string","taints":["list","string"],"tls_cert_file":"string","tls_cipher_suites":["list","string"],"tls_min_version":"string","tls_private_key_file":"string","topology_manager_policy":"string","volume_plugin_directory":"string","volume_stats_agg_period":"string"}]],"description_kind":"plain","computed":true},"machine_type":{"type":"string","description_kind":"plain","computed":true},"max_price":{"type":"string","description_kind":"plain","computed":true},"max_size":{"type":"number","description_kind":"plain","computed":true},"min_size":{"type":"number","description_kind":"plain","computed":true},"mixed_instances_policy":{"type":["list",["object",{"instances":["list","string"],"on_demand_above_base":["list",["object",{"value":"number"}]],"on_demand_allocation_strategy":"string","on_demand_base":["list",["object",{"value":"number"}]],"spot_allocation_strategy":"string","spot_instance_pools":"number"}]],"description_kind":"plain","computed":true},"name":{"type":"string","description_kind":"plain","required":true},"node_labels":{"type":["map","string"],"description_kind":"plain","computed":true},"role":{"type":"string","description_kind":"plain","computed":true},"rolling_update":{"type":["list",["object",{"drain_and_terminate":"bool","max_surge":"string","max_unavailable":"string"}]],"description_kind":"plain","computed":true},"root_volume_delete_on_termination":{"type":"bool","description_kind":"plain","computed":true},"root_volume_encryption":{"type":"bool","description_kind":"plain","computed":true},"root_volume_encryption_key":{"type":"string","description_kind":"plain","computed":true},"root_volume_iops":{"type":"number","description_kind":"plain","computed":true},"root_volume_optimization":{"type":"bool","description_kind":"plain","computed":true},"root_volume_size":{"type":"number","description_kind":"plain","computed":true},"root_volume_throughput":{"type":"number","description_kind":"plain","computed":true},"root_volume_type":{"type":"string","description_kind":"plain","computed":true},"security_group_override":{"type":"string","description_kind":"plain","computed":true},"spot_duration_in_minutes":{"type":"number","description_kind":"plain","computed":true},"subnets":{"type":["list","string"],"description_kind":"plain","computed":true},"suspend_processes":{"type":["list","string"],"description_kind":"plain","computed":true},"sysctl_parameters":{"type":["list","string"],"description_kind":"plain","computed":true},"taints":{"type":["list","string"],"description_kind":"plain","computed":true},"tenancy":{"type":"string","description_kind":"plain","computed":true},"update_policy":{"type":"string","description_kind":"plain","computed":true},"volume_mounts":{"type":["list",["object",{"device":"string","filesystem":"string","format_options":["list","string"],"mount_options":["list","string"],"path":"string"}]],"description_kind":"plain","computed":true},"volumes":{"type":["list",["object",{"delete_on_termination":"bool","device":"string","encrypted":"bool","iops":"number","key":"string","size":"number","throughput":"number","type":"string"}]],"description_kind":"plain","computed":true},"warm_pool":{"type":["list",["object",{"enable_lifecycle_hook":"bool","max_size":"number","min_size":"number"}]],"description_kind":"plain","computed":true},"zones":{"type":["list","string"],"description_kind":"plain","computed":true}},"description_kind":"plain"}},"kops_kube_config":{"version":0,"block":{"attributes":{"admin":{"type":"number","description_kind":"plain","optional":true,"computed":true},"ca_cert":{"type":"string","description_kind":"plain","computed":true,"sensitive":true},"client_cert":{"type":"string","description_kind":"plain","computed":true,"sensitive":true},"client_key":{"type":"string","description_kind":"plain","computed":true,"sensitive":true},"cluster_name":{"type":"string","description_kind":"plain","required":true},"context":{"type":"string","description_kind":"plain","computed":true},"id":{"type":"string","description_kind":"plain","optional":true,"computed":true},"internal":{"type":"bool","description_kind":"plain","optional":true,"computed":true},"kube_password":{"type":"string","description_kind":"plain","computed":true,"sensitive":true},"kube_user":{"type":"string","description_kind":"plain","computed":true},"namespace":{"type":"string","description_kind":"plain","computed":true},"server":{"type":"string","description_kind":"plain","computed":true}},"description_kind":"plain"}}}}}}
