{"format_version":"0.2","provider_schemas":{"registry.terraform.io/edgedelta/edgedelta":{"provider":{"version":0,"block":{"attributes":{"api_endpoint":{"type":"string","description":"API base URL","description_kind":"plain","optional":true},"api_secret":{"type":"string","description":"API secret","description_kind":"plain","required":true,"sensitive":true},"org_id":{"type":"string","description":"Unique organization ID","description_kind":"plain","required":true}},"description_kind":"plain"}},"resource_schemas":{"edgedelta_config":{"version":1,"block":{"attributes":{"conf_id":{"type":"string","description":"Unique configuration ID","description_kind":"plain","optional":true},"config_content":{"type":"string","description":"Configuration file data","description_kind":"plain","required":true},"id":{"type":"string","description_kind":"plain","optional":true,"computed":true},"tag":{"type":"string","description_kind":"plain","computed":true}},"description_kind":"plain"}},"edgedelta_monitor":{"version":1,"block":{"attributes":{"creator":{"type":"string","description":"Monitor creator (email)","description_kind":"plain","required":true},"enabled":{"type":"bool","description":"Monitor enabled flag","description_kind":"plain","required":true},"id":{"type":"string","description_kind":"plain","optional":true,"computed":true},"monitor_id":{"type":"string","description":"Unique monitor ID","description_kind":"plain","optional":true},"name":{"type":"string","description":"Monitor name","description_kind":"plain","required":true},"payload":{"type":"string","description":"Monitor payload","description_kind":"plain","required":true},"type":{"type":"string","description":"Monitor type","description_kind":"plain","required":true}},"description_kind":"plain"}}}}}}
