{"format_version":"0.2","provider_schemas":{"registry.terraform.io/efokschaner/factorio":{"provider":{"version":0,"block":{"attributes":{"rcon_host":{"type":"string","description":"The hostname and port for RCON on the Factorio server","description_kind":"plain","required":true},"rcon_pw":{"type":"string","description":"The password for RCON on the Factorio server","description_kind":"plain","required":true,"sensitive":true}},"description_kind":"plain"}},"resource_schemas":{"factorio_entity":{"version":0,"block":{"attributes":{"direction":{"type":"string","description":"Which direction the LuaEntity faces.","description_kind":"plain","optional":true},"entity_specific_parameters":{"type":["map","string"],"description":"A map of additional entity-specific parameters to be passed to create_entity (https://lua-api.factorio.com/latest/LuaSurface.html#LuaSurface.create_entity)","description_kind":"plain","optional":true},"force":{"type":"string","description":"The force of this LuaEntity, eg. \"player\", \"enemy\", \"neutral\" (https://lua-api.factorio.com/latest/LuaControl.html#LuaControl.force)","description_kind":"plain","optional":true},"id":{"type":"string","description_kind":"plain","optional":true,"computed":true},"name":{"type":"string","description":"The prototype name of the LuaEntity (https://wiki.factorio.com/Prototype_definitions)","description_kind":"plain","required":true},"surface":{"type":"string","description":"The LuaSurface on which the LuaEntity is placed (https://lua-api.factorio.com/latest/LuaSurface.html)","description_kind":"plain","optional":true},"unit_number":{"type":"number","description":"unit_number is Factorio's concept of an ID","description_kind":"plain","computed":true}},"block_types":{"position":{"nesting_mode":"list","block":{"attributes":{"x":{"type":"number","description_kind":"plain","required":true},"y":{"type":"number","description_kind":"plain","required":true}},"description":"The position of the LuaEntity.","description_kind":"plain"},"min_items":1,"max_items":1}},"description":"A LuaEntity in Factorio (https://lua-api.factorio.com/latest/LuaEntity.html), see LuaSurface.create_entity for creation reference (https://lua-api.factorio.com/latest/LuaSurface.html#LuaSurface.create_entity) ","description_kind":"plain"}},"factorio_hello":{"version":0,"block":{"attributes":{"create_as_ghost":{"type":"bool","description":"Used only at time of creation. Whether to create a ghost or the actual entity.","description_kind":"plain","optional":true},"direction":{"type":"string","description_kind":"plain","optional":true},"id":{"type":"string","description_kind":"plain","computed":true}},"description":"A message made of conveyor belts. Not very useful.","description_kind":"plain"}}},"data_source_schemas":{"factorio_players":{"version":0,"block":{"attributes":{"id":{"type":"string","description_kind":"plain","optional":true,"computed":true},"players":{"type":["list",["object",{"name":"string","position":["list",["object",{"x":"number","y":"number"}]]}]],"description_kind":"plain","computed":true}},"description_kind":"plain"}}}}}}
