{"format_version":"0.2","provider_schemas":{"registry.terraform.io/ekasin/docusign":{"provider":{"version":0,"block":{"attributes":{"accountid":{"type":"string","description_kind":"plain","optional":true,"sensitive":true},"integrationkey":{"type":"string","description_kind":"plain","optional":true,"sensitive":true},"refreshtoken":{"type":"string","description_kind":"plain","optional":true,"sensitive":true},"secretkey":{"type":"string","description_kind":"plain","optional":true,"sensitive":true}},"description_kind":"plain"}},"resource_schemas":{"docusign_user":{"version":0,"block":{"attributes":{"company":{"type":"string","description_kind":"plain","optional":true},"email":{"type":"string","description_kind":"plain","required":true},"firstname":{"type":"string","description_kind":"plain","required":true},"id":{"type":"string","description_kind":"plain","optional":true,"computed":true},"jobtitle":{"type":"string","description_kind":"plain","optional":true},"lastname":{"type":"string","description_kind":"plain","required":true},"permissionprofilename":{"type":"string","description_kind":"plain","computed":true}},"description_kind":"plain"}}},"data_source_schemas":{"docusign_user":{"version":0,"block":{"attributes":{"company":{"type":"string","description_kind":"plain","computed":true},"email":{"type":"string","description_kind":"plain","required":true},"firstname":{"type":"string","description_kind":"plain","computed":true},"id":{"type":"string","description_kind":"plain","optional":true,"computed":true},"jobtitle":{"type":"string","description_kind":"plain","computed":true},"lastname":{"type":"string","description_kind":"plain","computed":true},"permissionprofilename":{"type":"string","description_kind":"plain","computed":true}},"description_kind":"plain"}}}}}}
