{"format_version":"0.2","provider_schemas":{"registry.terraform.io/ekristen/pgp":{"provider":{"version":0,"block":{"description_kind":"plain"}},"resource_schemas":{"pgp_key":{"version":0,"block":{"attributes":{"comment":{"type":"string","description_kind":"plain","required":true},"email":{"type":"string","description_kind":"plain","required":true},"id":{"type":"string","description_kind":"plain","optional":true,"computed":true},"name":{"type":"string","description_kind":"plain","required":true},"private_key":{"type":"string","description":"Armored PGP Private Key","description_kind":"plain","computed":true},"private_key_base64":{"type":"string","description":"Base64 Encoded Private Key","description_kind":"plain","computed":true},"public_key":{"type":"string","description":"Armored PGP Public Key","description_kind":"plain","computed":true},"public_key_base64":{"type":"string","description":"Base64 Encoded Public Key","description_kind":"plain","computed":true}},"description_kind":"plain"}}},"data_source_schemas":{"pgp_decrypt":{"version":0,"block":{"attributes":{"ciphertext":{"type":"string","description_kind":"plain","required":true},"ciphertext_encoding":{"type":"string","description_kind":"plain","optional":true},"id":{"type":"string","description_kind":"plain","optional":true,"computed":true},"plaintext":{"type":"string","description_kind":"plain","computed":true},"private_key":{"type":"string","description_kind":"plain","required":true}},"description_kind":"plain"}},"pgp_encrypt":{"version":0,"block":{"attributes":{"ciphertext":{"type":"string","description_kind":"plain","computed":true},"id":{"type":"string","description_kind":"plain","optional":true,"computed":true},"plaintext":{"type":"string","description_kind":"plain","required":true},"public_key":{"type":"string","description_kind":"plain","required":true}},"description_kind":"plain"}}}}}}
