{"format_version":"0.2","provider_schemas":{"registry.terraform.io/elasticpath/epcc":{"provider":{"version":0,"block":{"attributes":{"additional_headers":{"type":["map","string"],"description_kind":"plain","optional":true},"api_base_url":{"type":"string","description_kind":"plain","optional":true},"beta_features":{"type":"string","description_kind":"plain","optional":true},"client_id":{"type":"string","description_kind":"plain","optional":true},"client_secret":{"type":"string","description_kind":"plain","optional":true,"sensitive":true},"enable_authentication":{"type":"bool","description_kind":"plain","optional":true}},"description_kind":"plain"}},"resource_schemas":{"epcc_account":{"version":0,"block":{"attributes":{"id":{"type":"string","description_kind":"plain","computed":true},"legal_name":{"type":"string","description_kind":"plain","required":true},"name":{"type":"string","description_kind":"plain","required":true},"parent_id":{"type":"string","description_kind":"plain","optional":true},"registration_id":{"type":"string","description_kind":"plain","optional":true}},"description":"Represents the EPCC API [Account resource](https://documentation.elasticpath.com/commerce-cloud/docs/api/account-management/accounts/index.html#the-account-object).","description_kind":"markdown"}},"epcc_catalog":{"version":0,"block":{"attributes":{"description":{"type":"string","description_kind":"plain","optional":true},"hierarchies":{"type":["set","string"],"description_kind":"plain","optional":true},"id":{"type":"string","description_kind":"plain","computed":true},"name":{"type":"string","description_kind":"plain","required":true},"pricebook":{"type":"string","description_kind":"plain","optional":true}},"description":"Represents the EPCC API [*PCM* Catalog Object](https://documentation.elasticpath.com/commerce-cloud/docs/api/pcm/catalogs/index.html#the-catalog-object).","description_kind":"markdown"}},"epcc_catalog_rule":{"version":0,"block":{"attributes":{"catalog":{"type":"string","description_kind":"plain","required":true},"customers":{"type":["set","string"],"description_kind":"plain","optional":true},"description":{"type":"string","description_kind":"plain","optional":true},"id":{"type":"string","description_kind":"plain","computed":true},"name":{"type":"string","description_kind":"plain","required":true}},"description":"Represents the EPCC API [*PCM* Catalog Rule Object](https://documentation.elasticpath.com/commerce-cloud/docs/api/pcm/catalogs/rules/get-a-catalog-rule.html).","description_kind":"markdown"}},"epcc_currency":{"version":0,"block":{"attributes":{"code":{"type":"string","description_kind":"plain","required":true},"decimal_places":{"type":"number","description_kind":"plain","required":true},"decimal_point":{"type":"string","description_kind":"plain","required":true},"default":{"type":"bool","description_kind":"plain","required":true},"enabled":{"type":"bool","description_kind":"plain","required":true},"exchange_rate":{"type":"number","description_kind":"plain","required":true},"format":{"type":"string","description_kind":"plain","required":true},"id":{"type":"string","description_kind":"plain","computed":true},"thousand_separator":{"type":"string","description_kind":"plain","required":true}},"description":"Represents the EPCC API [Currency Object](https://documentation.elasticpath.com/commerce-cloud/docs/api/advanced/currencies/index.html#the-currency-object).","description_kind":"markdown"}},"epcc_customer":{"version":0,"block":{"attributes":{"email":{"type":"string","description_kind":"plain","required":true},"id":{"type":"string","description_kind":"plain","computed":true},"name":{"type":"string","description_kind":"plain","required":true}},"description":"Represents the EPCC API [Customer Object](https://documentation.elasticpath.com/commerce-cloud/docs/api/orders-and-customers/customers/index.html#the-customer-object).","description_kind":"markdown"}},"epcc_entry":{"version":0,"block":{"attributes":{"booleans":{"type":["map","bool"],"description_kind":"plain","optional":true},"id":{"type":"string","description_kind":"plain","computed":true},"numbers":{"type":["map","number"],"description_kind":"plain","optional":true},"slug":{"type":"string","description_kind":"plain","required":true},"strings":{"type":["map","string"],"description_kind":"plain","optional":true},"target_id":{"type":"string","description":"Target core object identifier (can only be used for core flows)","description_kind":"markdown","optional":true}},"description":"Represents the EPCC API [Entry Object](https://documentation.elasticpath.com/commerce-cloud/docs/api/advanced/custom-data/entries/index.html).","description_kind":"markdown"}},"epcc_field":{"version":0,"block":{"attributes":{"default":{"type":"string","description_kind":"plain","optional":true},"description":{"type":"string","description_kind":"plain","required":true},"enabled":{"type":"bool","description_kind":"plain","required":true},"field_type":{"type":"string","description_kind":"plain","required":true},"flow_id":{"type":"string","description_kind":"plain","required":true},"id":{"type":"string","description_kind":"plain","computed":true},"name":{"type":"string","description_kind":"plain","required":true},"omit_null":{"type":"bool","description_kind":"plain","optional":true},"order":{"type":"number","description_kind":"plain","optional":true},"relationship_to_many":{"type":"string","description_kind":"plain","optional":true},"relationship_to_one":{"type":"string","description_kind":"plain","optional":true},"required":{"type":"bool","description_kind":"plain","required":true},"slug":{"type":"string","description_kind":"plain","required":true},"valid_float_enum":{"type":["list","number"],"description_kind":"plain","optional":true},"valid_float_range":{"type":["list",["map","number"]],"description_kind":"plain","optional":true},"valid_int_enum":{"type":["list","number"],"description_kind":"plain","optional":true},"valid_int_range":{"type":["list",["map","number"]],"description_kind":"plain","optional":true},"valid_string_enum":{"type":["list","string"],"description_kind":"plain","optional":true},"valid_string_format":{"type":"string","description_kind":"plain","optional":true}},"description":"Represents the EPCC API [Fields Object](https://documentation.elasticpath.com/commerce-cloud/docs/api/advanced/custom-data/fields/index.html).","description_kind":"markdown"}},"epcc_file":{"version":0,"block":{"attributes":{"file_hash":{"type":"string","description_kind":"plain","optional":true},"file_link":{"type":"string","description_kind":"plain","computed":true},"file_location":{"type":"string","description_kind":"plain","optional":true},"file_name":{"type":"string","description_kind":"plain","optional":true},"file_size":{"type":"number","description_kind":"plain","computed":true},"id":{"type":"string","description_kind":"plain","computed":true},"mime_type":{"type":"string","description_kind":"plain","computed":true},"public":{"type":"bool","description":"TBD.","description_kind":"markdown","optional":true}},"description":"Represents the EPCC API [File Object](https://documentation.elasticpath.com/commerce-cloud/docs/api/advanced/files/index.html#the-file-object).","description_kind":"markdown"}},"epcc_flow":{"version":0,"block":{"attributes":{"description":{"type":"string","description_kind":"plain","required":true},"enabled":{"type":"bool","description_kind":"plain","required":true},"id":{"type":"string","description_kind":"plain","computed":true},"name":{"type":"string","description_kind":"plain","required":true},"slug":{"type":"string","description_kind":"plain","required":true}},"description":"Represents the EPCC API [Flow Object](https://documentation.elasticpath.com/commerce-cloud/docs/api/advanced/custom-data/flows/index.html#the-flow-object).","description_kind":"markdown"}},"epcc_hierarchy":{"version":0,"block":{"attributes":{"description":{"type":"string","description_kind":"plain","optional":true},"id":{"type":"string","description_kind":"plain","computed":true},"name":{"type":"string","description_kind":"plain","required":true},"slug":{"type":"string","description_kind":"plain","optional":true}},"description":"Represents the EPCC API [Hierarchy Object](https://documentation.elasticpath.com/commerce-cloud/docs/api/pcm/hierarchies/index.html#the-hierarchy-object).","description_kind":"markdown"}},"epcc_integration":{"version":0,"block":{"attributes":{"description":{"type":"string","description_kind":"plain","optional":true},"enabled":{"type":"bool","description":"Should the event trigger or not. Default: `false`","description_kind":"markdown","optional":true},"id":{"type":"string","description_kind":"plain","computed":true},"name":{"type":"string","description_kind":"plain","required":true},"observes":{"type":["list","string"],"description":"[observable event type](https://documentation.elasticpath.com/commerce-cloud/docs/api/advanced/events/create-an-event.html)","description_kind":"markdown","optional":true},"secret_key":{"type":"string","description":"Value that is passed to webhook as `X-Moltin-Secret-Key` header","description_kind":"markdown","optional":true},"url":{"type":"string","description":"Webhook endpoint","description_kind":"markdown","required":true}},"description":"Allows to configure webhooks, and corresponds to EPCC API [Event (Webhooks) Object](https://documentation.elasticpath.com/commerce-cloud/docs/api/advanced/events/index.html#event-object)","description_kind":"markdown"}},"epcc_merchant_realm_mapping_prefix":{"version":0,"block":{"attributes":{"id":{"type":"string","description_kind":"plain","computed":true},"merchant_realm_mapping_id":{"type":"string","description_kind":"plain","required":true},"prefix":{"type":"string","description_kind":"plain","required":true}},"description":"Represents the EPCC API [OpenID Connect MerchantRealmMappingPrefixes](https://documentation.elasticpath.com/commerce-cloud/docs/api/single-sign-on/oidc-merchantRealmMappingPrefixes/index.html).","description_kind":"markdown"}},"epcc_node":{"version":0,"block":{"attributes":{"description":{"type":"string","description_kind":"plain","optional":true},"hierarchy_id":{"type":"string","description_kind":"plain","required":true},"id":{"type":"string","description_kind":"plain","computed":true},"name":{"type":"string","description_kind":"plain","required":true},"parent_id":{"type":"string","description_kind":"plain","optional":true},"slug":{"type":"string","description_kind":"plain","optional":true}},"description":"Represents the EPCC API [Node Object](https://documentation.elasticpath.com/commerce-cloud/docs/api/pcm/hierarchies/index.html#the-node-object).","description_kind":"markdown"}},"epcc_node_product":{"version":0,"block":{"attributes":{"hierarchy_id":{"type":"string","description_kind":"plain","required":true},"id":{"type":"string","description_kind":"plain","computed":true},"node_id":{"type":"string","description_kind":"plain","required":true},"product_id":{"type":"string","description_kind":"plain","required":true}},"description":"Represents the EPCC API [Node and Product Relationship](https://documentation.elasticpath.com/commerce-cloud/docs/api/pcm/hierarchies/relationships/create-node-product-relationships.html).","description_kind":"markdown"}},"epcc_payment_gateway":{"version":0,"block":{"attributes":{"enabled":{"type":"bool","description":"Should the gateway process payments. Default: `false`","description_kind":"markdown","optional":true},"id":{"type":"string","description_kind":"plain","optional":true,"computed":true},"options":{"type":["map","string"],"description":"Parameters specific to concrete payment provider","description_kind":"markdown","optional":true},"slug":{"type":"string","description_kind":"plain","required":true},"test":{"type":"bool","description":"Is this a sandbox environment. Default: `false`","description_kind":"markdown","optional":true}},"description":"Payment gateway connectivity configuration","description_kind":"markdown"}},"epcc_pricebook":{"version":0,"block":{"attributes":{"description":{"type":"string","description_kind":"plain","optional":true},"id":{"type":"string","description_kind":"plain","computed":true},"name":{"type":"string","description_kind":"plain","required":true}},"description":"Represents the EPCC API [PriceBook Object](https://documentation.elasticpath.com/commerce-cloud/docs/api/pcm/pricebooks/index.html#the-pricebook-object).","description_kind":"markdown"}},"epcc_product":{"version":0,"block":{"attributes":{"commodity_type":{"type":"string","description":"Valid values: `physical` or `digital`.","description_kind":"markdown","required":true},"description":{"type":"string","description":"The product description to display to customers.","description_kind":"markdown","optional":true},"files":{"type":["set","string"],"description_kind":"plain","optional":true},"id":{"type":"string","description":"The unique identifier of the product.","description_kind":"markdown","computed":true},"mpn":{"type":"string","description":"The _manufacturer part number_ of the product.","description_kind":"markdown","optional":true},"name":{"type":"string","description":"The product name to display to customers.","description_kind":"markdown","required":true},"sku":{"type":"string","description":"The unique _stock keeping unit_ of the product.","description_kind":"markdown","required":true},"slug":{"type":"string","description":"The unique slug of the product.","description_kind":"markdown","optional":true},"status":{"type":"string","description":"Valid values: `draft` or `live`. Default is `draft`.","description_kind":"markdown","optional":true},"upc_ean":{"type":"string","description":"The _universal product code_ or _european article number_ of the product.","description_kind":"markdown","optional":true}},"description":"Allows the caller to create, update or delete an Elastic Path Commerce Cloud PCM [product](https://documentation.elasticpath.com/commerce-cloud/docs/concepts/products-pcm.html).","description_kind":"markdown"}},"epcc_product_price":{"version":0,"block":{"attributes":{"id":{"type":"string","description":"The unique identifier of the price.","description_kind":"markdown","computed":true},"pricebook_id":{"type":"string","description_kind":"plain","required":true},"sku":{"type":"string","description_kind":"plain","required":true}},"block_types":{"currency":{"nesting_mode":"set","block":{"attributes":{"amount":{"type":"number","description_kind":"plain","required":true},"code":{"type":"string","description_kind":"plain","required":true},"includes_tax":{"type":"bool","description_kind":"plain","optional":true}},"description_kind":"plain"},"min_items":1}},"description":"Represents the EPCC API [Price Object](https://documentation.elasticpath.com/commerce-cloud/docs/api/pcm/pricebooks/prices/create-product-prices.html).","description_kind":"markdown"}},"epcc_profile":{"version":0,"block":{"attributes":{"client_id":{"type":"string","description_kind":"plain","required":true},"client_secret":{"type":"string","description_kind":"plain","required":true},"discovery_url":{"type":"string","description_kind":"plain","required":true},"id":{"type":"string","description_kind":"plain","computed":true},"name":{"type":"string","description_kind":"plain","required":true},"realm_id":{"type":"string","description_kind":"plain","required":true}},"description":"Represents the EPCC API [OpenID Connect Profiles](https://documentation.elasticpath.com/commerce-cloud/docs/api/single-sign-on/oidc-profiles/index.html).","description_kind":"markdown"}},"epcc_promotion":{"version":0,"block":{"attributes":{"automatic":{"type":"bool","description_kind":"plain","optional":true},"description":{"type":"string","description_kind":"plain","required":true},"enabled":{"type":"bool","description_kind":"plain","required":true},"end":{"type":"string","description_kind":"plain","required":true},"id":{"type":"string","description_kind":"plain","computed":true},"name":{"type":"string","description_kind":"plain","required":true},"promotion_type":{"type":"string","description_kind":"plain","required":true},"start":{"type":"string","description_kind":"plain","required":true},"type":{"type":"string","description_kind":"plain","required":true}},"block_types":{"max_discount_value":{"nesting_mode":"list","block":{"attributes":{"amount":{"type":"number","description_kind":"plain","optional":true},"currency":{"type":"string","description_kind":"plain","optional":true}},"description_kind":"plain"}},"min_cart_value":{"nesting_mode":"list","block":{"attributes":{"amount":{"type":"number","description_kind":"plain","optional":true},"currency":{"type":"string","description_kind":"plain","optional":true}},"description_kind":"plain"}},"schema":{"nesting_mode":"list","block":{"block_types":{"currencies":{"nesting_mode":"list","block":{"attributes":{"amount":{"type":"number","description_kind":"plain","optional":true},"currency":{"type":"string","description_kind":"plain","optional":true}},"description_kind":"plain"}}},"description_kind":"plain"},"min_items":1}},"description":"Represents the EPCC API [Promotion Object](https://documentation.elasticpath.com/commerce-cloud/docs/api/carts-and-checkout/promotions/index.html#the-promotion-object).\n!\u003e **Warning:** This resource only supports a single schema at this point\n","description_kind":"markdown"}},"epcc_realm":{"version":0,"block":{"attributes":{"duplicate_email_policy":{"type":"string","description_kind":"plain","required":true},"id":{"type":"string","description_kind":"plain","computed":true},"name":{"type":"string","description_kind":"plain","required":true},"origin_id":{"type":"string","description_kind":"plain","required":true},"origin_type":{"type":"string","description_kind":"plain","required":true},"redirect_uris":{"type":["list","string"],"description_kind":"plain","required":true}},"description":"Represents the EPCC API [Authentication Realms](https://documentation.elasticpath.com/commerce-cloud/docs/api/single-sign-on/authentication-realms/index.html).","description_kind":"markdown"}},"epcc_settings":{"version":0,"block":{"attributes":{"additional_languages":{"type":["list","string"],"description_kind":"plain","optional":true},"calculation_method":{"type":"string","description_kind":"plain","optional":true},"id":{"type":"string","description_kind":"plain","computed":true},"list_child_products":{"type":"bool","description_kind":"plain","optional":true},"page_length":{"type":"number","description_kind":"plain","optional":true}},"description":"Represents the EPCC API [Settings](https://documentation.elasticpath.com/commerce-cloud/docs/api/advanced/settings/index.html).\nNote: The `epcc_settings` resource behaves different from normal resources, in that Terraform does not *create* this reosurce, but instead \"adopts\" it into management.","description_kind":"markdown"}},"epcc_user_authentication_info":{"version":0,"block":{"attributes":{"email":{"type":"string","description_kind":"plain","required":true},"id":{"type":"string","description_kind":"plain","computed":true},"name":{"type":"string","description_kind":"plain","required":true},"realm_id":{"type":"string","description_kind":"plain","required":true}},"description":"Represents the EPCC API User Authentication Info","description_kind":"markdown"}}},"data_source_schemas":{"epcc_account":{"version":0,"block":{"attributes":{"id":{"type":"string","description_kind":"plain","required":true},"legal_name":{"type":"string","description_kind":"plain","computed":true},"name":{"type":"string","description_kind":"plain","computed":true},"parent_id":{"type":"string","description_kind":"plain","computed":true},"registration_id":{"type":"string","description_kind":"plain","computed":true}},"description":"Represents the EPCC API [Account resource](https://documentation.elasticpath.com/commerce-cloud/docs/api/account-management/accounts/index.html#the-account-object).","description_kind":"markdown"}},"epcc_account_authentication_settings":{"version":0,"block":{"attributes":{"client_id":{"type":"string","description_kind":"plain","computed":true},"id":{"type":"string","description_kind":"plain","optional":true,"computed":true},"realm_id":{"type":"string","description_kind":"plain","computed":true}},"description":"Represents the EPCC API [Account Authentication Settings] (https://documentation.elasticpath.com/commerce-cloud/docs/api/advanced/settings/account-authentication-settings/index.html)","description_kind":"markdown"}},"epcc_catalog":{"version":0,"block":{"attributes":{"description":{"type":"string","description_kind":"plain","computed":true},"hierarchies":{"type":["set","string"],"description_kind":"plain","computed":true},"id":{"type":"string","description_kind":"plain","required":true},"name":{"type":"string","description_kind":"plain","computed":true},"pricebook":{"type":"string","description_kind":"plain","computed":true}},"description":"Represents the EPCC API [*PCM* Catalog Object](https://documentation.elasticpath.com/commerce-cloud/docs/api/pcm/catalogs/index.html#the-catalog-object).","description_kind":"markdown"}},"epcc_catalog_rule":{"version":0,"block":{"attributes":{"catalog":{"type":"string","description_kind":"plain","computed":true},"customers":{"type":["set","string"],"description_kind":"plain","computed":true},"description":{"type":"string","description_kind":"plain","computed":true},"id":{"type":"string","description_kind":"plain","required":true},"name":{"type":"string","description_kind":"plain","computed":true}},"description":"Represents the EPCC API [*PCM* Catalog Rule Object](https://documentation.elasticpath.com/commerce-cloud/docs/api/pcm/catalogs/rules/get-a-catalog-rule.html).","description_kind":"markdown"}},"epcc_currency":{"version":0,"block":{"attributes":{"code":{"type":"string","description_kind":"plain","required":true},"decimal_places":{"type":"number","description_kind":"plain","computed":true},"decimal_point":{"type":"string","description_kind":"plain","computed":true},"default":{"type":"bool","description_kind":"plain","computed":true},"enabled":{"type":"bool","description_kind":"plain","computed":true},"exchange_rate":{"type":"number","description_kind":"plain","computed":true},"format":{"type":"string","description_kind":"plain","computed":true},"id":{"type":"string","description_kind":"plain","computed":true},"thousand_separator":{"type":"string","description_kind":"plain","computed":true}},"description":"Represents the EPCC API [Currency Object](https://documentation.elasticpath.com/commerce-cloud/docs/api/advanced/currencies/index.html#the-currency-object).","description_kind":"markdown"}},"epcc_customer":{"version":0,"block":{"attributes":{"email":{"type":"string","description_kind":"plain","computed":true},"id":{"type":"string","description_kind":"plain","required":true},"name":{"type":"string","description_kind":"plain","computed":true}},"description":"Represents the EPCC API [Customer Object](https://documentation.elasticpath.com/commerce-cloud/docs/api/orders-and-customers/customers/index.html#the-customer-object).","description_kind":"markdown"}},"epcc_customer_authentication_settings":{"version":0,"block":{"attributes":{"client_id":{"type":"string","description_kind":"plain","computed":true},"id":{"type":"string","description_kind":"plain","optional":true,"computed":true},"realm_id":{"type":"string","description_kind":"plain","computed":true}},"description":"Represents the EPCC API [Customer Authentication Settings] (https://documentation.elasticpath.com/commerce-cloud/docs/api/advanced/settings/customer-authentication-settings/index.html)","description_kind":"markdown"}},"epcc_entry":{"version":0,"block":{"attributes":{"booleans":{"type":["map","bool"],"description_kind":"plain","computed":true},"id":{"type":"string","description_kind":"plain","required":true},"numbers":{"type":["map","number"],"description_kind":"plain","computed":true},"slug":{"type":"string","description_kind":"plain","required":true},"strings":{"type":["map","string"],"description_kind":"plain","computed":true}},"description":"Represents the EPCC API [Entry Object](https://documentation.elasticpath.com/commerce-cloud/docs/api/advanced/custom-data/entries/index.html).","description_kind":"markdown"}},"epcc_field":{"version":0,"block":{"attributes":{"default":{"type":"string","description_kind":"plain","computed":true},"description":{"type":"string","description_kind":"plain","computed":true},"enabled":{"type":"bool","description_kind":"plain","computed":true},"field_type":{"type":"string","description_kind":"plain","computed":true},"flow_id":{"type":"string","description_kind":"plain","computed":true},"id":{"type":"string","description_kind":"plain","required":true},"name":{"type":"string","description_kind":"plain","computed":true},"omit_null":{"type":"bool","description_kind":"plain","computed":true},"order":{"type":"number","description_kind":"plain","computed":true},"relationship_to_many":{"type":"string","description_kind":"plain","computed":true},"relationship_to_one":{"type":"string","description_kind":"plain","computed":true},"required":{"type":"bool","description_kind":"plain","computed":true},"slug":{"type":"string","description_kind":"plain","computed":true},"valid_float_enum":{"type":["list","number"],"description_kind":"plain","computed":true},"valid_float_range":{"type":["list",["map","number"]],"description_kind":"plain","computed":true},"valid_int_enum":{"type":["list","number"],"description_kind":"plain","computed":true},"valid_int_range":{"type":["list",["map","number"]],"description_kind":"plain","computed":true},"valid_string_enum":{"type":["list","string"],"description_kind":"plain","computed":true},"valid_string_format":{"type":"string","description_kind":"plain","computed":true}},"description":"Represents the EPCC API [Fields Object](https://documentation.elasticpath.com/commerce-cloud/docs/api/advanced/custom-data/fields/index.html).","description_kind":"markdown"}},"epcc_file":{"version":0,"block":{"attributes":{"file_link":{"type":"string","description_kind":"plain","computed":true},"file_name":{"type":"string","description_kind":"plain","optional":true},"file_size":{"type":"number","description_kind":"plain","computed":true},"id":{"type":"string","description_kind":"plain","required":true},"mime_type":{"type":"string","description_kind":"plain","computed":true},"public":{"type":"bool","description_kind":"plain","optional":true}},"description":"Represents the EPCC API [File Object](https://documentation.elasticpath.com/commerce-cloud/docs/api/advanced/files/index.html#the-file-object).","description_kind":"markdown"}},"epcc_flow":{"version":0,"block":{"attributes":{"description":{"type":"string","description_kind":"plain","computed":true},"enabled":{"type":"bool","description_kind":"plain","computed":true},"id":{"type":"string","description_kind":"plain","required":true},"name":{"type":"string","description_kind":"plain","computed":true},"slug":{"type":"string","description_kind":"plain","computed":true}},"description":"Represents the EPCC API [Flow Object](https://documentation.elasticpath.com/commerce-cloud/docs/api/advanced/custom-data/flows/index.html#the-flow-object).","description_kind":"markdown"}},"epcc_hierarchy":{"version":0,"block":{"attributes":{"description":{"type":"string","description_kind":"plain","computed":true},"id":{"type":"string","description_kind":"plain","required":true},"name":{"type":"string","description_kind":"plain","computed":true},"slug":{"type":"string","description_kind":"plain","computed":true}},"description":"Represents the EPCC API [Hierarchy Object](https://documentation.elasticpath.com/commerce-cloud/docs/api/pcm/hierarchies/index.html#the-hierarchy-object).","description_kind":"markdown"}},"epcc_integration":{"version":0,"block":{"attributes":{"description":{"type":"string","description_kind":"plain","computed":true},"enabled":{"type":"bool","description":"Should the event trigger or not. Default: `false`","description_kind":"markdown","computed":true},"id":{"type":"string","description_kind":"plain","required":true},"name":{"type":"string","description_kind":"plain","computed":true},"observes":{"type":["list","string"],"description":"[observable event type](https://documentation.elasticpath.com/commerce-cloud/docs/api/advanced/events/create-an-event.html)","description_kind":"markdown","computed":true},"secret_key":{"type":"string","description":"Value that is passed to webhook as `X-Moltin-Secret-Key` header","description_kind":"markdown","computed":true},"url":{"type":"string","description":"Webhook endpoint","description_kind":"markdown","computed":true}},"description":"Allows to configure webhooks","description_kind":"markdown"}},"epcc_merchant_realm_mappings":{"version":0,"block":{"attributes":{"id":{"type":"string","description_kind":"plain","optional":true,"computed":true},"merchant_realm_mapping_id":{"type":"string","description_kind":"plain","computed":true},"prefix":{"type":"string","description_kind":"plain","computed":true},"realm_id":{"type":"string","description_kind":"plain","computed":true},"store_id":{"type":"string","description_kind":"plain","computed":true}},"description":"Represents the EPCC API [Merchant Realm Mappings] (https://documentation.elasticpath.com/commerce-cloud/docs/api/advanced/settings/merchant-authentication-settings/get-merchant-realm-mapping.html)","description_kind":"markdown"}},"epcc_node":{"version":0,"block":{"attributes":{"description":{"type":"string","description_kind":"plain","computed":true},"hierarchy_id":{"type":"string","description_kind":"plain","required":true},"id":{"type":"string","description_kind":"plain","required":true},"name":{"type":"string","description_kind":"plain","computed":true},"parent_id":{"type":"string","description_kind":"plain","optional":true},"slug":{"type":"string","description_kind":"plain","computed":true}},"description":"Represents the EPCC API [Node Object](https://documentation.elasticpath.com/commerce-cloud/docs/api/pcm/hierarchies/index.html#the-node-object).","description_kind":"markdown"}},"epcc_node_product":{"version":0,"block":{"attributes":{"hierarchy_id":{"type":"string","description_kind":"plain","required":true},"id":{"type":"string","description_kind":"plain","required":true},"node_id":{"type":"string","description_kind":"plain","required":true},"product_id":{"type":"string","description_kind":"plain","required":true}},"description":"Represents the EPCC API [Node and Product Relationship](https://documentation.elasticpath.com/commerce-cloud/docs/api/pcm/hierarchies/relationships/create-node-product-relationships.html).","description_kind":"markdown"}},"epcc_payment_gateway":{"version":0,"block":{"attributes":{"enabled":{"type":"bool","description":"Should the gateway process payments. Default: `false`","description_kind":"markdown","computed":true},"id":{"type":"string","description_kind":"plain","optional":true,"computed":true},"slug":{"type":"string","description_kind":"plain","required":true},"test":{"type":"bool","description":"Is this a sandbox environment. Default: `false`","description_kind":"markdown","optional":true}},"description":"Payment gateway connectivity configuration","description_kind":"markdown"}},"epcc_pricebook":{"version":0,"block":{"attributes":{"description":{"type":"string","description_kind":"plain","computed":true},"id":{"type":"string","description_kind":"plain","required":true},"name":{"type":"string","description_kind":"plain","computed":true}},"description":"Represents the EPCC API [PriceBook Object](https://documentation.elasticpath.com/commerce-cloud/docs/api/pcm/pricebooks/index.html#the-pricebook-object).","description_kind":"markdown"}},"epcc_product":{"version":0,"block":{"attributes":{"commodity_type":{"type":"string","description":"The type of the product; either `physical` or `digital`.","description_kind":"markdown","computed":true},"description":{"type":"string","description":"The product description to display to customers.","description_kind":"markdown","computed":true},"files":{"type":["set","string"],"description_kind":"plain","optional":true},"id":{"type":"string","description":"The unique identifier of the product.","description_kind":"markdown","required":true},"mpn":{"type":"string","description":"The _manufacturer part number_ of the product.","description_kind":"markdown","computed":true},"name":{"type":"string","description":"The product name to display to customers.","description_kind":"markdown","computed":true},"sku":{"type":"string","description":"The unique _stock keeping unit_ of the product.","description_kind":"markdown","computed":true},"slug":{"type":"string","description":"The unique slug of the product.","description_kind":"markdown","computed":true},"status":{"type":"string","description":"The status of the product; either `draft` or `live`. Default is `draft`.","description_kind":"markdown","computed":true},"upc_ean":{"type":"string","description":"The _universal product code_ or _european article number_ of the product.","description_kind":"markdown","computed":true}},"description":"Allows the caller to look up details of an Elastic Path Commerce Cloud PCM [product](https://documentation.elasticpath.com/commerce-cloud/docs/concepts/products-pcm.html).","description_kind":"markdown"}},"epcc_product_price":{"version":0,"block":{"attributes":{"currency":{"type":["set",["object",{"amount":"number","code":"string","includes_tax":"bool"}]],"description_kind":"plain","computed":true},"id":{"type":"string","description":"The unique identifier of the price.","description_kind":"markdown","required":true},"pricebook_id":{"type":"string","description_kind":"plain","required":true},"sku":{"type":"string","description_kind":"plain","computed":true}},"description":"Represents the EPCC API [Price Object](https://documentation.elasticpath.com/commerce-cloud/docs/api/pcm/pricebooks/prices/create-product-prices.html).","description_kind":"markdown"}},"epcc_profile":{"version":0,"block":{"attributes":{"client_id":{"type":"string","description_kind":"plain","computed":true},"client_secret":{"type":"string","description_kind":"plain","computed":true},"discovery_url":{"type":"string","description_kind":"plain","computed":true},"id":{"type":"string","description_kind":"plain","required":true},"name":{"type":"string","description_kind":"plain","computed":true},"realm_id":{"type":"string","description_kind":"plain","computed":true}},"description":"Represents the EPCC API [OpenID Connect Profiles](https://documentation.elasticpath.com/commerce-cloud/docs/api/single-sign-on/oidc-profiles/index.html).","description_kind":"markdown"}},"epcc_promotion":{"version":0,"block":{"attributes":{"automatic":{"type":"bool","description_kind":"plain","optional":true},"description":{"type":"string","description_kind":"plain","computed":true},"enabled":{"type":"bool","description_kind":"plain","computed":true},"end":{"type":"string","description_kind":"plain","computed":true},"id":{"type":"string","description_kind":"plain","required":true},"name":{"type":"string","description_kind":"plain","computed":true},"promotion_type":{"type":"string","description_kind":"plain","computed":true},"start":{"type":"string","description_kind":"plain","computed":true},"type":{"type":"string","description_kind":"plain","computed":true}},"block_types":{"max_discount_value":{"nesting_mode":"list","block":{"attributes":{"amount":{"type":"number","description_kind":"plain","optional":true},"promotion":{"type":"string","description_kind":"plain","optional":true}},"description_kind":"plain"}},"min_cart_value":{"nesting_mode":"list","block":{"attributes":{"amount":{"type":"number","description_kind":"plain","optional":true},"promotion":{"type":"string","description_kind":"plain","optional":true}},"description_kind":"plain"}},"schema":{"nesting_mode":"list","block":{"block_types":{"currencies":{"nesting_mode":"list","block":{"attributes":{"amount":{"type":"number","description_kind":"plain","optional":true},"currency":{"type":"string","description_kind":"plain","optional":true}},"description_kind":"plain"}}},"description_kind":"plain"},"min_items":1}},"description":"Represents the EPCC API [Promotion Object](https://documentation.elasticpath.com/commerce-cloud/docs/api/carts-and-checkout/promotions/index.html#the-promotion-object).\n!\u003e **Warning:** This resource only supports a single schema at this point\n","description_kind":"markdown"}},"epcc_realm":{"version":0,"block":{"attributes":{"duplicate_email_policy":{"type":"string","description_kind":"plain","computed":true},"id":{"type":"string","description_kind":"plain","required":true},"name":{"type":"string","description_kind":"plain","computed":true},"origin_id":{"type":"string","description_kind":"plain","computed":true},"origin_type":{"type":"string","description_kind":"plain","computed":true},"redirect_uris":{"type":["list","string"],"description_kind":"plain","computed":true}},"description":"Represents the EPCC API [Authentication Realms](https://documentation.elasticpath.com/commerce-cloud/docs/api/single-sign-on/authentication-realms/index.html).","description_kind":"markdown"}},"epcc_settings":{"version":0,"block":{"attributes":{"additional_languages":{"type":["list","string"],"description_kind":"plain","computed":true},"calculation_method":{"type":"string","description_kind":"plain","computed":true},"id":{"type":"string","description_kind":"plain","optional":true,"computed":true},"list_child_products":{"type":"bool","description_kind":"plain","computed":true},"page_length":{"type":"number","description_kind":"plain","computed":true}},"description":"Represents the EPCC API [Settings](https://documentation.elasticpath.com/commerce-cloud/docs/api/advanced/settings/index.html).\nNote: The `epcc_settings` resource behaves different from normal resources, in that Terraform does not *create* this reosurce, but instead \"adopts\" it into management.","description_kind":"markdown"}},"epcc_user_authentication_info":{"version":0,"block":{"attributes":{"email":{"type":"string","description_kind":"plain","computed":true},"id":{"type":"string","description_kind":"plain","required":true},"name":{"type":"string","description_kind":"plain","computed":true}},"description":"Represents the EPCC API User Authentication Info","description_kind":"markdown"}}}}}}
