{"format_version":"0.2","provider_schemas":{"registry.terraform.io/elastic-infra/zabbix":{"provider":{"version":0,"block":{"attributes":{"password":{"type":"string","description_kind":"plain","required":true},"server_url":{"type":"string","description_kind":"plain","required":true},"user":{"type":"string","description_kind":"plain","required":true}},"description_kind":"plain"}},"resource_schemas":{"zabbix_action":{"version":0,"block":{"attributes":{"calculation":{"type":"string","description_kind":"plain","optional":true},"default_message":{"type":"string","description":"Problem message text. This no longer works from Zabbix 5.0 onwards.","description_kind":"plain","optional":true},"default_step_duration":{"type":"string","description_kind":"plain","optional":true},"default_subject":{"type":"string","description":"Problem message subject. This no longer works from Zabbix 5.0 onwards.","description_kind":"plain","optional":true},"enabled":{"type":"bool","description_kind":"plain","optional":true},"event_source":{"type":"string","description":"Type of events that the action will handle.","description_kind":"plain","required":true},"formula":{"type":"string","description_kind":"plain","optional":true},"id":{"type":"string","description_kind":"plain","optional":true,"computed":true},"name":{"type":"string","description":"Name of the action.","description_kind":"plain","required":true},"pause_in_maintenance_periods":{"type":"bool","description_kind":"plain","optional":true},"recovery_message":{"type":"string","description":"Recovery message text. This no longer works from Zabbix 5.0 onwards.","description_kind":"plain","optional":true},"recovery_subject":{"type":"string","description":"Recovery message subject. This no longer works from Zabbix 5.0 onwards.","description_kind":"plain","optional":true},"update_message":{"type":"string","description":"Update operation message text. This no longer works from Zabbix 5.0 onwards.","description_kind":"plain","optional":true},"update_subject":{"type":"string","description":"Update operation message subject. This no longer works from Zabbix 5.0 onwards.","description_kind":"plain","optional":true}},"block_types":{"condition":{"nesting_mode":"list","block":{"attributes":{"condition_id":{"type":"string","description_kind":"plain","computed":true},"formula_id":{"type":"string","description_kind":"plain","computed":true},"operator":{"type":"string","description_kind":"plain","optional":true},"type":{"type":"string","description_kind":"plain","required":true},"value":{"type":"string","description_kind":"plain","required":true},"value2":{"type":"string","description_kind":"plain","optional":true}},"description_kind":"plain"}},"operation":{"nesting_mode":"list","block":{"attributes":{"host_groups":{"type":["set","string"],"description_kind":"plain","optional":true},"inventory_mode":{"type":"string","description_kind":"plain","optional":true},"operation_id":{"type":"string","description_kind":"plain","computed":true},"step_duration":{"type":"string","description_kind":"plain","optional":true},"step_from":{"type":"number","description_kind":"plain","optional":true},"step_to":{"type":"number","description_kind":"plain","optional":true},"templates":{"type":["set","string"],"description_kind":"plain","optional":true},"type":{"type":"string","description_kind":"plain","required":true}},"block_types":{"command":{"nesting_mode":"list","block":{"attributes":{"auth_type":{"type":"string","description_kind":"plain","optional":true},"command":{"type":"string","description_kind":"plain","optional":true},"execute_on":{"type":"string","description_kind":"plain","optional":true},"password":{"type":"string","description_kind":"plain","optional":true,"sensitive":true},"port":{"type":"string","description_kind":"plain","optional":true},"private_key_file":{"type":"string","description_kind":"plain","optional":true},"public_key_file":{"type":"string","description_kind":"plain","optional":true},"script_id":{"type":"string","description_kind":"plain","optional":true},"type":{"type":"string","description_kind":"plain","required":true},"username":{"type":"string","description_kind":"plain","optional":true}},"block_types":{"target":{"nesting_mode":"set","block":{"attributes":{"type":{"type":"string","description_kind":"plain","required":true},"value":{"type":"string","description_kind":"plain","optional":true}},"description_kind":"plain"},"min_items":1}},"description_kind":"plain"},"max_items":1},"message":{"nesting_mode":"list","block":{"attributes":{"default_message":{"type":"bool","description_kind":"plain","optional":true},"media_type_id":{"type":"string","description_kind":"plain","optional":true},"message":{"type":"string","description_kind":"plain","optional":true},"subject":{"type":"string","description_kind":"plain","optional":true}},"block_types":{"target":{"nesting_mode":"set","block":{"attributes":{"type":{"type":"string","description_kind":"plain","required":true},"value":{"type":"string","description_kind":"plain","required":true}},"description_kind":"plain"},"min_items":1}},"description_kind":"plain"},"max_items":1}},"description_kind":"plain"}},"recovery_operation":{"nesting_mode":"list","block":{"attributes":{"operation_id":{"type":"string","description_kind":"plain","computed":true},"type":{"type":"string","description_kind":"plain","required":true}},"block_types":{"command":{"nesting_mode":"list","block":{"attributes":{"auth_type":{"type":"string","description_kind":"plain","optional":true},"command":{"type":"string","description_kind":"plain","optional":true},"execute_on":{"type":"string","description_kind":"plain","optional":true},"password":{"type":"string","description_kind":"plain","optional":true,"sensitive":true},"port":{"type":"string","description_kind":"plain","optional":true},"private_key_file":{"type":"string","description_kind":"plain","optional":true},"public_key_file":{"type":"string","description_kind":"plain","optional":true},"script_id":{"type":"string","description_kind":"plain","optional":true},"type":{"type":"string","description_kind":"plain","required":true},"username":{"type":"string","description_kind":"plain","optional":true}},"block_types":{"target":{"nesting_mode":"set","block":{"attributes":{"type":{"type":"string","description_kind":"plain","required":true},"value":{"type":"string","description_kind":"plain","optional":true}},"description_kind":"plain"},"min_items":1}},"description_kind":"plain"},"max_items":1},"message":{"nesting_mode":"list","block":{"attributes":{"default_message":{"type":"bool","description_kind":"plain","optional":true},"media_type_id":{"type":"string","description_kind":"plain","optional":true},"message":{"type":"string","description_kind":"plain","optional":true},"subject":{"type":"string","description_kind":"plain","optional":true}},"block_types":{"target":{"nesting_mode":"set","block":{"attributes":{"type":{"type":"string","description_kind":"plain","required":true},"value":{"type":"string","description_kind":"plain","required":true}},"description_kind":"plain"},"min_items":1}},"description_kind":"plain"},"max_items":1}},"description_kind":"plain"}},"update_operation":{"nesting_mode":"list","block":{"attributes":{"operation_id":{"type":"string","description_kind":"plain","computed":true},"type":{"type":"string","description_kind":"plain","required":true}},"block_types":{"command":{"nesting_mode":"list","block":{"attributes":{"auth_type":{"type":"string","description_kind":"plain","optional":true},"command":{"type":"string","description_kind":"plain","optional":true},"execute_on":{"type":"string","description_kind":"plain","optional":true},"password":{"type":"string","description_kind":"plain","optional":true,"sensitive":true},"port":{"type":"string","description_kind":"plain","optional":true},"private_key_file":{"type":"string","description_kind":"plain","optional":true},"public_key_file":{"type":"string","description_kind":"plain","optional":true},"script_id":{"type":"string","description_kind":"plain","optional":true},"type":{"type":"string","description_kind":"plain","required":true},"username":{"type":"string","description_kind":"plain","optional":true}},"block_types":{"target":{"nesting_mode":"set","block":{"attributes":{"type":{"type":"string","description_kind":"plain","required":true},"value":{"type":"string","description_kind":"plain","optional":true}},"description_kind":"plain"},"min_items":1}},"description_kind":"plain"},"max_items":1},"message":{"nesting_mode":"list","block":{"attributes":{"default_message":{"type":"bool","description_kind":"plain","optional":true},"media_type_id":{"type":"string","description_kind":"plain","optional":true},"message":{"type":"string","description_kind":"plain","optional":true},"subject":{"type":"string","description_kind":"plain","optional":true}},"block_types":{"target":{"nesting_mode":"set","block":{"attributes":{"type":{"type":"string","description_kind":"plain","required":true},"value":{"type":"string","description_kind":"plain","required":true}},"description_kind":"plain"},"min_items":1}},"description_kind":"plain"},"max_items":1}},"description_kind":"plain"}}},"description_kind":"plain"}},"zabbix_host":{"version":0,"block":{"attributes":{"groups":{"type":["set","string"],"description_kind":"plain","required":true},"host":{"type":"string","description":"Technical name of the host.","description_kind":"plain","required":true},"host_id":{"type":"string","description":"(readonly) ID of the host","description_kind":"plain","computed":true},"id":{"type":"string","description_kind":"plain","optional":true,"computed":true},"macro":{"type":["map","string"],"description":"User macros for the host.","description_kind":"plain","optional":true},"monitored":{"type":"bool","description_kind":"plain","optional":true},"name":{"type":"string","description":"Visible name of the host.","description_kind":"plain","optional":true,"computed":true},"templates":{"type":["set","string"],"description_kind":"plain","optional":true}},"block_types":{"interfaces":{"nesting_mode":"list","block":{"attributes":{"dns":{"type":"string","description_kind":"plain","optional":true},"interface_id":{"type":"string","description_kind":"plain","computed":true},"ip":{"type":"string","description_kind":"plain","optional":true},"main":{"type":"bool","description_kind":"plain","required":true},"port":{"type":"string","description_kind":"plain","optional":true},"type":{"type":"string","description_kind":"plain","optional":true}},"description_kind":"plain"},"min_items":1}},"description_kind":"plain"}},"zabbix_host_group":{"version":0,"block":{"attributes":{"group_id":{"type":"string","description_kind":"plain","computed":true},"id":{"type":"string","description_kind":"plain","optional":true,"computed":true},"name":{"type":"string","description":"Name of the host group.","description_kind":"plain","required":true}},"description_kind":"plain"}},"zabbix_item":{"version":0,"block":{"attributes":{"data_type":{"type":"number","description":"Data type of the item (Removed in Zabbix 3.4).","description_kind":"plain","optional":true},"delay":{"type":"string","description_kind":"plain","optional":true},"delta":{"type":"number","description":"Value that will be stored (Removed in Zabbix 3.4).","description_kind":"plain","optional":true},"description":{"type":"string","description":"Description of the item.","description_kind":"plain","optional":true},"history":{"type":"string","description":"Number of days to keep item's history data. From 3.4 version, string is required instead of integer. Default: 90 (90d for 3.4+).","description_kind":"plain","optional":true,"computed":true},"host_id":{"type":"string","description":"ID of the host or template that the item belongs to.","description_kind":"plain","required":true},"id":{"type":"string","description_kind":"plain","optional":true,"computed":true},"interface_id":{"type":"string","description_kind":"plain","optional":true},"key":{"type":"string","description":"Item key.","description_kind":"plain","required":true},"name":{"type":"string","description":"Name of the item.","description_kind":"plain","required":true},"trapper_host":{"type":"string","description":"Allowed hosts. Used only by trapper items.","description_kind":"plain","optional":true},"trends":{"type":"string","description":"Number of days to keep item's trends data. From 3.4 version, string is required instead of interger. Default: 365 (365d for 3.4+).","description_kind":"plain","optional":true,"computed":true},"type":{"type":"number","description_kind":"plain","optional":true},"value_type":{"type":"number","description_kind":"plain","optional":true}},"description_kind":"plain"}},"zabbix_item_prototype":{"version":0,"block":{"attributes":{"data_type":{"type":"number","description":"Data type of the item prototype (Removed in Zabbix 3.4).","description_kind":"plain","optional":true},"delay":{"type":"string","description_kind":"plain","optional":true},"delta":{"type":"number","description":"Value that will be stored (Removed in Zabbix 3.4).","description_kind":"plain","optional":true},"description":{"type":"string","description":"Description of the item prototype.","description_kind":"plain","optional":true},"history":{"type":"string","description":"Number of days to keep item's history data. Default: 90.","description_kind":"plain","optional":true,"computed":true},"host_id":{"type":"string","description":"ID of the low level discovery that the item prototype belongs to.","description_kind":"plain","required":true},"id":{"type":"string","description_kind":"plain","optional":true,"computed":true},"interface_id":{"type":"string","description_kind":"plain","optional":true},"key":{"type":"string","description":"Item prototype key.","description_kind":"plain","required":true},"name":{"type":"string","description":"Name of the item prototype.","description_kind":"plain","required":true},"rule_id":{"type":"string","description_kind":"plain","optional":true},"status":{"type":"number","description":"Status of the item.","description_kind":"plain","optional":true},"trapper_host":{"type":"string","description":"Allowed hosts. Used only by trapper items.","description_kind":"plain","optional":true},"trends":{"type":"string","description":"Number of days to keep item's trends data. Default: 365.","description_kind":"plain","optional":true,"computed":true},"type":{"type":"number","description_kind":"plain","optional":true},"value_type":{"type":"number","description_kind":"plain","optional":true}},"description_kind":"plain"}},"zabbix_lld_rule":{"version":0,"block":{"attributes":{"delay":{"type":"string","description_kind":"plain","required":true},"host_id":{"type":"string","description_kind":"plain","required":true},"id":{"type":"string","description_kind":"plain","optional":true,"computed":true},"interface_id":{"type":"string","description_kind":"plain","required":true},"key":{"type":"string","description_kind":"plain","required":true},"name":{"type":"string","description_kind":"plain","required":true},"type":{"type":"number","description_kind":"plain","required":true}},"block_types":{"filter":{"nesting_mode":"set","block":{"attributes":{"eval_type":{"type":"number","description_kind":"plain","required":true},"formula":{"type":"string","description_kind":"plain","optional":true}},"block_types":{"condition":{"nesting_mode":"set","block":{"attributes":{"macro":{"type":"string","description_kind":"plain","required":true},"operator":{"type":"number","description_kind":"plain","optional":true},"value":{"type":"string","description_kind":"plain","required":true}},"description_kind":"plain"},"min_items":1}},"description_kind":"plain"},"min_items":1,"max_items":1}},"description_kind":"plain"}},"zabbix_template":{"version":0,"block":{"attributes":{"description":{"type":"string","description":"Description of the template.","description_kind":"plain","optional":true},"groups":{"type":["set","string"],"description":"ID of the Host Group.","description_kind":"plain","required":true},"host":{"type":"string","description":"Technical name of the template.","description_kind":"plain","required":true},"id":{"type":"string","description_kind":"plain","optional":true,"computed":true},"linked_template":{"type":["set","string"],"description_kind":"plain","optional":true},"macro":{"type":["map","string"],"description":"User macros for the template.","description_kind":"plain","optional":true},"name":{"type":"string","description":"Visible name of the template.","description_kind":"plain","optional":true}},"description_kind":"plain"}},"zabbix_template_link":{"version":0,"block":{"attributes":{"id":{"type":"string","description_kind":"plain","optional":true,"computed":true},"template_id":{"type":"string","description_kind":"plain","required":true}},"block_types":{"item":{"nesting_mode":"set","block":{"attributes":{"item_id":{"type":"string","description_kind":"plain","required":true},"local":{"type":"bool","description_kind":"plain","computed":true}},"description_kind":"plain"}},"lld_rule":{"nesting_mode":"set","block":{"attributes":{"lld_rule_id":{"type":"string","description_kind":"plain","required":true},"local":{"type":"bool","description_kind":"plain","computed":true}},"description_kind":"plain"}},"trigger":{"nesting_mode":"set","block":{"attributes":{"local":{"type":"bool","description_kind":"plain","computed":true},"trigger_id":{"type":"string","description_kind":"plain","required":true}},"description_kind":"plain"}}},"description_kind":"plain"}},"zabbix_trigger":{"version":0,"block":{"attributes":{"comment":{"type":"string","description_kind":"plain","optional":true},"dependencies":{"type":["set","string"],"description":"ID of the trigger it depands","description_kind":"plain","optional":true},"description":{"type":"string","description_kind":"plain","required":true},"expression":{"type":"string","description_kind":"plain","required":true},"id":{"type":"string","description_kind":"plain","optional":true,"computed":true},"priority":{"type":"number","description_kind":"plain","optional":true},"status":{"type":"number","description_kind":"plain","optional":true}},"description_kind":"plain"}},"zabbix_trigger_prototype":{"version":0,"block":{"attributes":{"dependencies":{"type":["set","string"],"description":"ID of the trigger it depands","description_kind":"plain","optional":true},"description":{"type":"string","description_kind":"plain","required":true},"expression":{"type":"string","description_kind":"plain","required":true},"id":{"type":"string","description_kind":"plain","optional":true,"computed":true},"priority":{"type":"number","description_kind":"plain","optional":true},"status":{"type":"number","description_kind":"plain","optional":true}},"description_kind":"plain"}}},"data_source_schemas":{"zabbix_server":{"version":0,"block":{"attributes":{"compare_version":{"type":"string","description":"Version to compare the Zabbix server version to.","description_kind":"plain","optional":true},"id":{"type":"string","description_kind":"plain","optional":true,"computed":true},"server_version":{"type":"string","description":"Version of the Zabbix server.","description_kind":"plain","optional":true,"computed":true},"server_version_ge":{"type":"bool","description":"Returns true if the version of the Zabbix server is greater or equal to the version provided in `compare_version`.","description_kind":"plain","computed":true},"server_version_gt":{"type":"bool","description":"Returns true if the version of the Zabbix server is strictly greater than the version provided in `compare_version`.","description_kind":"plain","computed":true},"server_version_le":{"type":"bool","description":"Returns true if the version of the Zabbix server is less or equal to the version provided in `compare_version`.","description_kind":"plain","computed":true},"server_version_lt":{"type":"bool","description":"Returns true if the version of the Zabbix server is strictly less than the version provided in `compare_version`.","description_kind":"plain","computed":true},"unit_time_days":{"type":"string","description":"String representation of the days unit used by the Zabbix server (`d` for version 3.4+, empty string otherwise).","description_kind":"plain","computed":true},"unit_time_hours":{"type":"string","description":"String representation of the hours unit used by the Zabbix server (`h` for version 3.4+, empty string otherwise).","description_kind":"plain","computed":true},"unit_time_minutes":{"type":"string","description":"String representation of the minutes unit used by the Zabbix server (`m` for version 3.4+, empty string otherwise).","description_kind":"plain","computed":true},"unit_time_seconds":{"type":"string","description":"String representation of the seconds unit used by the Zabbix server (`s` for version 3.4+, empty string otherwise).","description_kind":"plain","computed":true},"unit_time_weeks":{"type":"string","description":"String representation of the weeks unit used by the Zabbix server (`w` for version 3.4+, empty string otherwise).","description_kind":"plain","computed":true}},"description_kind":"plain"}}}}}}
