{"format_version":"0.2","provider_schemas":{"registry.terraform.io/ellisdon-oss/azuredevops":{"provider":{"version":0,"block":{"attributes":{"organization_url":{"type":"string","description_kind":"plain","required":true},"token":{"type":"string","description_kind":"plain","required":true}},"description_kind":"plain"}},"resource_schemas":{"azuredevops_build_definition":{"version":0,"block":{"attributes":{"id":{"type":"string","description_kind":"plain","optional":true,"computed":true},"name":{"type":"string","description_kind":"plain","required":true},"project_id":{"type":"string","description_kind":"plain","required":true},"revision":{"type":"number","description_kind":"plain","computed":true}},"block_types":{"build_variable":{"nesting_mode":"set","block":{"attributes":{"is_secret":{"type":"bool","description_kind":"plain","optional":true},"name":{"type":"string","description_kind":"plain","required":true},"value":{"type":"string","description_kind":"plain","required":true}},"description_kind":"plain"}},"demand":{"nesting_mode":"set","block":{"attributes":{"name":{"type":"string","description_kind":"plain","required":true},"value":{"type":"string","description_kind":"plain","required":true}},"description_kind":"plain"}},"process":{"nesting_mode":"list","block":{"attributes":{"type":{"type":"number","description_kind":"plain","optional":true},"yaml_file_name":{"type":"string","description_kind":"plain","optional":true}},"block_types":{"phase":{"nesting_mode":"list","block":{"attributes":{"condition":{"type":"string","description_kind":"plain","optional":true},"job_authorization_scope":{"type":"string","description_kind":"plain","optional":true},"name":{"type":"string","description_kind":"plain","required":true}},"block_types":{"step":{"nesting_mode":"list","block":{"attributes":{"always_run":{"type":"bool","description_kind":"plain","optional":true},"condition":{"type":"string","description_kind":"plain","optional":true},"continue_on_error":{"type":"bool","description_kind":"plain","optional":true},"definition_type":{"type":"string","description_kind":"plain","optional":true},"enabled":{"type":"bool","description_kind":"plain","optional":true},"environment":{"type":["map","string"],"description_kind":"plain","optional":true},"inputs":{"type":["map","string"],"description_kind":"plain","required":true},"name":{"type":"string","description_kind":"plain","required":true},"ref_name":{"type":"string","description_kind":"plain","optional":true},"task_id":{"type":"string","description_kind":"plain","required":true},"version":{"type":"string","description_kind":"plain","optional":true}},"description_kind":"plain"},"min_items":1},"target":{"nesting_mode":"list","block":{"attributes":{"agent_specification":{"type":"string","description_kind":"plain","optional":true},"allow_scripts_auth_access_option":{"type":"bool","description_kind":"plain","optional":true},"demands":{"type":["list","string"],"description_kind":"plain","optional":true},"queue":{"type":"number","description_kind":"plain","optional":true},"type":{"type":"number","description_kind":"plain","optional":true}},"description_kind":"plain"},"max_items":1}},"description_kind":"plain"}},"target":{"nesting_mode":"list","block":{"attributes":{"agent_specification":{"type":"string","description_kind":"plain","optional":true}},"description_kind":"plain"},"max_items":1}},"description_kind":"plain"},"max_items":1},"queue":{"nesting_mode":"list","block":{"attributes":{"agent_name":{"type":"string","description_kind":"plain","optional":true}},"description_kind":"plain"},"max_items":1},"repository":{"nesting_mode":"list","block":{"attributes":{"checkout_submodules":{"type":"bool","description_kind":"plain","optional":true},"clean":{"type":"string","description_kind":"plain","optional":true},"default_branch":{"type":"string","description_kind":"plain","optional":true},"name":{"type":"string","description_kind":"plain","required":true},"properties":{"type":["map","string"],"description_kind":"plain","required":true},"type":{"type":"string","description_kind":"plain","optional":true},"url":{"type":"string","description_kind":"plain","required":true}},"description_kind":"plain"},"min_items":1,"max_items":1},"triggers":{"nesting_mode":"list","block":{"block_types":{"continuous_integration":{"nesting_mode":"list","block":{"attributes":{"batch_changes":{"type":"bool","description_kind":"plain","optional":true},"branch_filters":{"type":["list","string"],"description_kind":"plain","required":true},"max_concurrent_builds_per_branch":{"type":"number","description_kind":"plain","optional":true},"path_filters":{"type":["list","string"],"description_kind":"plain","optional":true},"polling_interval":{"type":"number","description_kind":"plain","optional":true},"polling_job_id":{"type":"string","description_kind":"plain","optional":true},"settings_source_type":{"type":"number","description_kind":"plain","optional":true}},"description_kind":"plain"},"max_items":1},"pull_request":{"nesting_mode":"list","block":{"attributes":{"auto_cancel":{"type":"bool","description_kind":"plain","optional":true},"branch_filters":{"type":["list","string"],"description_kind":"plain","required":true},"is_comment_required_for_pull_request":{"type":"bool","description_kind":"plain","optional":true},"path_filters":{"type":["list","string"],"description_kind":"plain","optional":true},"settings_source_type":{"type":"number","description_kind":"plain","optional":true}},"block_types":{"forks":{"nesting_mode":"list","block":{"attributes":{"allow_secrets":{"type":"bool","description_kind":"plain","optional":true},"enabled":{"type":"bool","description_kind":"plain","required":true}},"description_kind":"plain"},"max_items":1}},"description_kind":"plain"},"max_items":1}},"description_kind":"plain"},"max_items":1}},"description_kind":"plain"}},"azuredevops_extension":{"version":0,"block":{"attributes":{"id":{"type":"string","description_kind":"plain","optional":true,"computed":true},"name":{"type":"string","description_kind":"plain","required":true},"publisher":{"type":"string","description_kind":"plain","required":true},"state":{"type":"string","description_kind":"plain","optional":true},"version":{"type":"string","description_kind":"plain","optional":true}},"description_kind":"plain"}},"azuredevops_project":{"version":0,"block":{"attributes":{"description":{"type":"string","description_kind":"plain","optional":true},"id":{"type":"string","description_kind":"plain","optional":true,"computed":true},"name":{"type":"string","description_kind":"plain","required":true},"visibility":{"type":"string","description_kind":"plain","optional":true}},"block_types":{"capabilities":{"nesting_mode":"list","block":{"block_types":{"process_template":{"nesting_mode":"list","block":{"attributes":{"template_type_id":{"type":"string","description_kind":"plain","optional":true}},"description_kind":"plain"},"min_items":1,"max_items":1},"version_control":{"nesting_mode":"list","block":{"attributes":{"source_control_type":{"type":"string","description_kind":"plain","optional":true}},"description_kind":"plain"},"min_items":1,"max_items":1}},"description_kind":"plain"},"max_items":1}},"description_kind":"plain"}},"azuredevops_release_definition":{"version":0,"block":{"attributes":{"id":{"type":"string","description_kind":"plain","optional":true,"computed":true},"name":{"type":"string","description_kind":"plain","required":true},"path":{"type":"string","description_kind":"plain","optional":true},"project_id":{"type":"string","description_kind":"plain","required":true},"release_variable_groups":{"type":["list","number"],"description_kind":"plain","optional":true},"revision":{"type":"number","description_kind":"plain","computed":true}},"block_types":{"artifact":{"nesting_mode":"set","block":{"attributes":{"alias":{"type":"string","description_kind":"plain","required":true},"definition_reference":{"type":"string","description_kind":"plain","required":true},"source_id":{"type":"string","description_kind":"plain","required":true},"type":{"type":"string","description_kind":"plain","required":true}},"description_kind":"plain"}},"environment":{"nesting_mode":"list","block":{"attributes":{"name":{"type":"string","description_kind":"plain","required":true},"rank":{"type":"number","description_kind":"plain","required":true},"variable_groups":{"type":["list","number"],"description_kind":"plain","optional":true}},"block_types":{"condition":{"nesting_mode":"list","block":{"attributes":{"condition_type":{"type":"string","description_kind":"plain","required":true},"name":{"type":"string","description_kind":"plain","required":true},"value":{"type":"string","description_kind":"plain","optional":true}},"description_kind":"plain"}},"deploy_phase":{"nesting_mode":"list","block":{"attributes":{"deployment_input":{"type":"string","description_kind":"plain","required":true},"name":{"type":"string","description_kind":"plain","required":true},"phase_type":{"type":"string","description_kind":"plain","required":true},"rank":{"type":"number","description_kind":"plain","required":true}},"block_types":{"workflow_task":{"nesting_mode":"list","block":{"attributes":{"always_run":{"type":"bool","description_kind":"plain","optional":true},"condition":{"type":"string","description_kind":"plain","optional":true},"continue_on_error":{"type":"bool","description_kind":"plain","optional":true},"definition_type":{"type":"string","description_kind":"plain","optional":true},"enabled":{"type":"bool","description_kind":"plain","optional":true},"environment":{"type":["map","string"],"description_kind":"plain","optional":true},"inputs":{"type":["map","string"],"description_kind":"plain","required":true},"name":{"type":"string","description_kind":"plain","required":true},"ref_name":{"type":"string","description_kind":"plain","optional":true},"task_id":{"type":"string","description_kind":"plain","required":true},"version":{"type":"string","description_kind":"plain","optional":true}},"description_kind":"plain"},"min_items":1}},"description_kind":"plain"},"min_items":1},"pre_deploy_approval":{"nesting_mode":"list","block":{"block_types":{"approvals":{"nesting_mode":"list","block":{"attributes":{"approver_id":{"type":"string","description_kind":"plain","optional":true},"is_automated":{"type":"bool","description_kind":"plain","optional":true},"is_notification_on":{"type":"bool","description_kind":"plain","optional":true},"rank":{"type":"number","description_kind":"plain","optional":true}},"description_kind":"plain"}},"options":{"nesting_mode":"list","block":{"attributes":{"execution_order":{"type":"string","description_kind":"plain","optional":true},"release_creator_can_be_approver":{"type":"bool","description_kind":"plain","optional":true},"required_approver_count":{"type":"number","description_kind":"plain","optional":true},"timeout_in_minutes":{"type":"number","description_kind":"plain","required":true}},"description_kind":"plain"},"max_items":1}},"description_kind":"plain"},"max_items":1},"variable":{"nesting_mode":"set","block":{"attributes":{"is_secret":{"type":"bool","description_kind":"plain","optional":true},"name":{"type":"string","description_kind":"plain","required":true},"value":{"type":"string","description_kind":"plain","required":true}},"description_kind":"plain"}}},"description_kind":"plain"}},"release_variable":{"nesting_mode":"set","block":{"attributes":{"is_secret":{"type":"bool","description_kind":"plain","optional":true},"name":{"type":"string","description_kind":"plain","required":true},"value":{"type":"string","description_kind":"plain","required":true}},"description_kind":"plain"}},"trigger":{"nesting_mode":"set","block":{"attributes":{"alias":{"type":"string","description_kind":"plain","required":true},"branch_filters":{"type":["list","string"],"description_kind":"plain","optional":true},"trigger_type":{"type":"string","description_kind":"plain","required":true}},"description_kind":"plain"}}},"description_kind":"plain"}},"azuredevops_release_environment":{"version":0,"block":{"attributes":{"definition_id":{"type":"string","description_kind":"plain","required":true},"id":{"type":"string","description_kind":"plain","optional":true,"computed":true},"project_id":{"type":"string","description_kind":"plain","required":true}},"block_types":{"environment":{"nesting_mode":"list","block":{"attributes":{"name":{"type":"string","description_kind":"plain","required":true},"rank":{"type":"number","description_kind":"plain","required":true},"variable_groups":{"type":["list","number"],"description_kind":"plain","optional":true}},"block_types":{"condition":{"nesting_mode":"list","block":{"attributes":{"condition_type":{"type":"string","description_kind":"plain","required":true},"name":{"type":"string","description_kind":"plain","required":true},"value":{"type":"string","description_kind":"plain","optional":true}},"description_kind":"plain"}},"deploy_phase":{"nesting_mode":"list","block":{"attributes":{"deployment_input":{"type":"string","description_kind":"plain","required":true},"name":{"type":"string","description_kind":"plain","required":true},"phase_type":{"type":"string","description_kind":"plain","required":true},"rank":{"type":"number","description_kind":"plain","required":true}},"block_types":{"workflow_task":{"nesting_mode":"list","block":{"attributes":{"always_run":{"type":"bool","description_kind":"plain","optional":true},"condition":{"type":"string","description_kind":"plain","optional":true},"continue_on_error":{"type":"bool","description_kind":"plain","optional":true},"definition_type":{"type":"string","description_kind":"plain","optional":true},"enabled":{"type":"bool","description_kind":"plain","optional":true},"environment":{"type":["map","string"],"description_kind":"plain","optional":true},"inputs":{"type":["map","string"],"description_kind":"plain","required":true},"name":{"type":"string","description_kind":"plain","required":true},"ref_name":{"type":"string","description_kind":"plain","optional":true},"task_id":{"type":"string","description_kind":"plain","required":true},"version":{"type":"string","description_kind":"plain","optional":true}},"description_kind":"plain"},"min_items":1}},"description_kind":"plain"},"min_items":1},"pre_deploy_approval":{"nesting_mode":"list","block":{"block_types":{"approvals":{"nesting_mode":"list","block":{"attributes":{"approver_id":{"type":"string","description_kind":"plain","optional":true},"is_automated":{"type":"bool","description_kind":"plain","optional":true},"is_notification_on":{"type":"bool","description_kind":"plain","optional":true},"rank":{"type":"number","description_kind":"plain","optional":true}},"description_kind":"plain"}},"options":{"nesting_mode":"list","block":{"attributes":{"execution_order":{"type":"string","description_kind":"plain","optional":true},"release_creator_can_be_approver":{"type":"bool","description_kind":"plain","optional":true},"required_approver_count":{"type":"number","description_kind":"plain","optional":true},"timeout_in_minutes":{"type":"number","description_kind":"plain","required":true}},"description_kind":"plain"},"max_items":1}},"description_kind":"plain"},"max_items":1},"variable":{"nesting_mode":"set","block":{"attributes":{"is_secret":{"type":"bool","description_kind":"plain","optional":true},"name":{"type":"string","description_kind":"plain","required":true},"value":{"type":"string","description_kind":"plain","required":true}},"description_kind":"plain"}}},"description_kind":"plain"},"min_items":1}},"description_kind":"plain"}},"azuredevops_release_task":{"version":0,"block":{"attributes":{"after":{"type":"string","description_kind":"plain","optional":true},"before":{"type":"string","description_kind":"plain","optional":true},"definition_id":{"type":"number","description_kind":"plain","required":true},"id":{"type":"string","description_kind":"plain","optional":true,"computed":true},"job_name":{"type":"string","description_kind":"plain","optional":true},"job_rank":{"type":"number","description_kind":"plain","optional":true},"project_id":{"type":"string","description_kind":"plain","required":true},"rank":{"type":"number","description_kind":"plain","optional":true},"replace":{"type":"bool","description_kind":"plain","optional":true},"stage_name":{"type":"string","description_kind":"plain","required":true}},"block_types":{"task_info":{"nesting_mode":"list","block":{"attributes":{"always_run":{"type":"bool","description_kind":"plain","optional":true},"condition":{"type":"string","description_kind":"plain","optional":true},"continue_on_error":{"type":"bool","description_kind":"plain","optional":true},"definition_type":{"type":"string","description_kind":"plain","optional":true},"enabled":{"type":"bool","description_kind":"plain","optional":true},"environment":{"type":["map","string"],"description_kind":"plain","optional":true},"inputs":{"type":["map","string"],"description_kind":"plain","required":true},"name":{"type":"string","description_kind":"plain","required":true},"ref_name":{"type":"string","description_kind":"plain","optional":true},"task_id":{"type":"string","description_kind":"plain","required":true},"version":{"type":"string","description_kind":"plain","optional":true}},"description_kind":"plain"},"min_items":1,"max_items":1}},"description_kind":"plain"}},"azuredevops_release_tasks":{"version":0,"block":{"attributes":{"definition_id":{"type":"number","description_kind":"plain","required":true},"id":{"type":"string","description_kind":"plain","optional":true,"computed":true},"project_id":{"type":"string","description_kind":"plain","required":true}},"block_types":{"task":{"nesting_mode":"list","block":{"attributes":{"after":{"type":"string","description_kind":"plain","optional":true},"before":{"type":"string","description_kind":"plain","optional":true},"job_name":{"type":"string","description_kind":"plain","optional":true},"job_rank":{"type":"number","description_kind":"plain","optional":true},"rank":{"type":"number","description_kind":"plain","optional":true,"computed":true},"replace":{"type":"bool","description_kind":"plain","optional":true},"stage_name":{"type":"string","description_kind":"plain","required":true}},"block_types":{"task_info":{"nesting_mode":"list","block":{"attributes":{"always_run":{"type":"bool","description_kind":"plain","optional":true},"condition":{"type":"string","description_kind":"plain","optional":true},"continue_on_error":{"type":"bool","description_kind":"plain","optional":true},"definition_type":{"type":"string","description_kind":"plain","optional":true},"enabled":{"type":"bool","description_kind":"plain","optional":true},"environment":{"type":["map","string"],"description_kind":"plain","optional":true},"inputs":{"type":["map","string"],"description_kind":"plain","required":true},"name":{"type":"string","description_kind":"plain","required":true},"ref_name":{"type":"string","description_kind":"plain","optional":true},"task_id":{"type":"string","description_kind":"plain","required":true},"version":{"type":"string","description_kind":"plain","optional":true}},"description_kind":"plain"},"min_items":1,"max_items":1}},"description_kind":"plain"},"min_items":1}},"description_kind":"plain"}},"azuredevops_release_variables":{"version":0,"block":{"attributes":{"definition_id":{"type":"number","description_kind":"plain","required":true},"id":{"type":"string","description_kind":"plain","optional":true,"computed":true},"project_id":{"type":"string","description_kind":"plain","required":true}},"block_types":{"variable":{"nesting_mode":"set","block":{"attributes":{"is_secret":{"type":"bool","description_kind":"plain","optional":true},"name":{"type":"string","description_kind":"plain","required":true},"stage_name":{"type":"string","description_kind":"plain","optional":true},"value":{"type":"string","description_kind":"plain","required":true}},"description_kind":"plain"}}},"description_kind":"plain"}},"azuredevops_service_endpoint":{"version":0,"block":{"attributes":{"allow_all_pipelines":{"type":"bool","description_kind":"plain","optional":true},"data":{"type":["map","string"],"description_kind":"plain","optional":true},"id":{"type":"string","description_kind":"plain","optional":true,"computed":true},"name":{"type":"string","description_kind":"plain","required":true},"owner":{"type":"string","description_kind":"plain","required":true},"project_id":{"type":"string","description_kind":"plain","required":true},"type":{"type":"string","description_kind":"plain","required":true},"url":{"type":"string","description_kind":"plain","required":true}},"block_types":{"authorization":{"nesting_mode":"list","block":{"attributes":{"parameters":{"type":["map","string"],"description_kind":"plain","required":true,"sensitive":true},"scheme":{"type":"string","description_kind":"plain","required":true}},"description_kind":"plain"},"min_items":1,"max_items":1}},"description_kind":"plain"}},"azuredevops_service_hook":{"version":0,"block":{"attributes":{"custom_path":{"type":"string","description_kind":"plain","optional":true},"event_type":{"type":"string","description_kind":"plain","required":true},"id":{"type":"string","description_kind":"plain","optional":true,"computed":true}},"block_types":{"consumer":{"nesting_mode":"list","block":{"attributes":{"action_id":{"type":"string","description_kind":"plain","required":true},"id":{"type":"string","description_kind":"plain","required":true},"inputs":{"type":["map","string"],"description_kind":"plain","required":true}},"description_kind":"plain"},"min_items":1,"max_items":1},"publisher":{"nesting_mode":"list","block":{"attributes":{"id":{"type":"string","description_kind":"plain","required":true},"inputs":{"type":["map","string"],"description_kind":"plain","required":true}},"description_kind":"plain"},"min_items":1,"max_items":1}},"description_kind":"plain"}},"azuredevops_task_group":{"version":0,"block":{"attributes":{"category":{"type":"string","description_kind":"plain","optional":true},"group_id":{"type":"string","description_kind":"plain","computed":true},"id":{"type":"string","description_kind":"plain","optional":true,"computed":true},"name":{"type":"string","description_kind":"plain","required":true},"project_id":{"type":"string","description_kind":"plain","required":true},"revision":{"type":"number","description_kind":"plain","computed":true},"runs_on":{"type":["list","string"],"description_kind":"plain","optional":true}},"block_types":{"input":{"nesting_mode":"list","block":{"attributes":{"default":{"type":"string","description_kind":"plain","optional":true},"help_text":{"type":"string","description_kind":"plain","optional":true},"label":{"type":"string","description_kind":"plain","optional":true},"name":{"type":"string","description_kind":"plain","required":true},"required":{"type":"bool","description_kind":"plain","optional":true},"type":{"type":"string","description_kind":"plain","required":true}},"description_kind":"plain"}},"task":{"nesting_mode":"list","block":{"attributes":{"always_run":{"type":"bool","description_kind":"plain","optional":true},"condition":{"type":"string","description_kind":"plain","optional":true},"continue_on_error":{"type":"bool","description_kind":"plain","optional":true},"definition_type":{"type":"string","description_kind":"plain","optional":true},"enabled":{"type":"bool","description_kind":"plain","optional":true},"environment":{"type":["map","string"],"description_kind":"plain","optional":true},"inputs":{"type":["map","string"],"description_kind":"plain","required":true},"name":{"type":"string","description_kind":"plain","required":true},"task_id":{"type":"string","description_kind":"plain","required":true},"version":{"type":"string","description_kind":"plain","optional":true}},"description_kind":"plain"},"min_items":1},"version":{"nesting_mode":"list","block":{"attributes":{"is_test":{"type":"bool","description_kind":"plain","optional":true},"major":{"type":"number","description_kind":"plain","required":true},"minor":{"type":"number","description_kind":"plain","required":true},"patch":{"type":"number","description_kind":"plain","required":true}},"description_kind":"plain"},"max_items":1}},"description_kind":"plain"}},"azuredevops_variable_group":{"version":0,"block":{"attributes":{"group_id":{"type":"number","description_kind":"plain","computed":true},"id":{"type":"string","description_kind":"plain","optional":true,"computed":true},"name":{"type":"string","description_kind":"plain","required":true},"project_id":{"type":"string","description_kind":"plain","required":true}},"block_types":{"variable":{"nesting_mode":"set","block":{"attributes":{"is_secret":{"type":"bool","description_kind":"plain","optional":true},"name":{"type":"string","description_kind":"plain","required":true},"value":{"type":"string","description_kind":"plain","required":true}},"description_kind":"plain"},"min_items":1}},"description_kind":"plain"}}},"data_source_schemas":{"azuredevops_agent_queue":{"version":0,"block":{"attributes":{"id":{"type":"string","description_kind":"plain","optional":true,"computed":true},"project_id":{"type":"string","description":"The project name/ID","description_kind":"plain","required":true},"queue_name":{"type":"string","description":"The agent queue name","description_kind":"plain","required":true}},"description_kind":"plain"}},"azuredevops_build_definition":{"version":0,"block":{"attributes":{"id":{"type":"string","description_kind":"plain","optional":true,"computed":true},"name":{"type":"string","description_kind":"plain","required":true},"project_id":{"type":"string","description_kind":"plain","required":true}},"description_kind":"plain"}},"azuredevops_group":{"version":0,"block":{"attributes":{"id":{"type":"string","description_kind":"plain","optional":true,"computed":true},"name":{"type":"string","description_kind":"plain","required":true}},"description_kind":"plain"}},"azuredevops_project":{"version":0,"block":{"attributes":{"abbreviation":{"type":"string","description_kind":"plain","computed":true},"capabilities":{"type":["map","string"],"description_kind":"plain","computed":true},"default_team":{"type":["map","string"],"description_kind":"plain","computed":true},"default_team_image_url":{"type":"string","description_kind":"plain","computed":true},"description":{"type":"string","description_kind":"plain","computed":true},"id":{"type":"string","description_kind":"plain","optional":true,"computed":true},"last_update_time":{"type":"string","description_kind":"plain","computed":true},"links":{"type":["map","string"],"description_kind":"plain","computed":true},"name":{"type":"string","description_kind":"plain","computed":true},"project_id":{"type":"string","description_kind":"plain","required":true},"revision":{"type":"number","description_kind":"plain","computed":true},"state":{"type":"string","description_kind":"plain","computed":true},"url":{"type":"string","description_kind":"plain","computed":true},"visibility":{"type":"string","description_kind":"plain","computed":true}},"description_kind":"plain"}},"azuredevops_release_definition":{"version":0,"block":{"attributes":{"id":{"type":"string","description_kind":"plain","optional":true,"computed":true},"name":{"type":"string","description_kind":"plain","required":true},"project_id":{"type":"string","description_kind":"plain","required":true}},"description_kind":"plain"}},"azuredevops_release_definition_environments":{"version":0,"block":{"attributes":{"environments":{"type":["list","string"],"description_kind":"plain","computed":true},"id":{"type":"string","description_kind":"plain","optional":true,"computed":true},"name":{"type":"string","description_kind":"plain","required":true},"project_id":{"type":"string","description_kind":"plain","required":true}},"description_kind":"plain"}},"azuredevops_release_definitions":{"version":0,"block":{"attributes":{"definitions":{"type":["list","string"],"description_kind":"plain","computed":true},"id":{"type":"string","description_kind":"plain","optional":true,"computed":true},"project_id":{"type":"string","description_kind":"plain","required":true}},"description_kind":"plain"}},"azuredevops_release_environment":{"version":0,"block":{"attributes":{"definition_id":{"type":"string","description_kind":"plain","required":true},"environment":{"type":["list",["object",{"condition":["list",["object",{"condition_type":"string","name":"string","value":"string"}]],"deploy_phase":["list",["object",{"deployment_input":"string","name":"string","phase_type":"string","rank":"number","workflow_task":["list",["object",{"always_run":"bool","condition":"string","continue_on_error":"bool","definition_type":"string","enabled":"bool","environment":["map","string"],"inputs":["map","string"],"name":"string","ref_name":"string","task_id":"string","version":"string"}]]}]],"name":"string","pre_deploy_approval":["list",["object",{"approvals":["list",["object",{"approver_id":"string","is_automated":"bool","is_notification_on":"bool","rank":"number"}]],"options":["list",["object",{"execution_order":"string","release_creator_can_be_approver":"bool","required_approver_count":"number","timeout_in_minutes":"number"}]]}]],"rank":"number","variable":["set",["object",{"is_secret":"bool","name":"string","value":"string"}]],"variable_groups":["list","number"]}]],"description_kind":"plain","computed":true},"id":{"type":"string","description_kind":"plain","optional":true,"computed":true},"project_id":{"type":"string","description_kind":"plain","required":true},"stage_name":{"type":"string","description_kind":"plain","required":true}},"description_kind":"plain"}},"azuredevops_release_stage_variables":{"version":0,"block":{"attributes":{"definition_id":{"type":"string","description_kind":"plain","required":true},"id":{"type":"string","description_kind":"plain","optional":true,"computed":true},"project_id":{"type":"string","description_kind":"plain","required":true},"stage_name":{"type":"string","description_kind":"plain","required":true},"variables":{"type":["set",["object",{"is_secret":"bool","name":"string","value":"string"}]],"description_kind":"plain","computed":true}},"description_kind":"plain"}},"azuredevops_release_tasks":{"version":0,"block":{"attributes":{"definition_id":{"type":"string","description_kind":"plain","required":true},"id":{"type":"string","description_kind":"plain","optional":true,"computed":true},"job_rank":{"type":"number","description_kind":"plain","required":true},"project_id":{"type":"string","description_kind":"plain","required":true},"stage_name":{"type":"string","description_kind":"plain","required":true},"tasks":{"type":["list",["object",{"always_run":"bool","condition":"string","continue_on_error":"bool","definition_type":"string","enabled":"bool","environment":["map","string"],"inputs":["map","string"],"name":"string","ref_name":"string","task_id":"string","version":"string"}]],"description_kind":"plain","computed":true}},"description_kind":"plain"}},"azuredevops_service_endpoint":{"version":0,"block":{"attributes":{"id":{"type":"string","description_kind":"plain","optional":true,"computed":true},"name":{"type":"string","description_kind":"plain","required":true},"owner":{"type":"string","description_kind":"plain","computed":true},"project_id":{"type":"string","description_kind":"plain","required":true},"type":{"type":"string","description_kind":"plain","required":true},"url":{"type":"string","description_kind":"plain","computed":true}},"description_kind":"plain"}},"azuredevops_source_repository":{"version":0,"block":{"attributes":{"default_branch":{"type":"string","description_kind":"plain","computed":true},"id":{"type":"string","description_kind":"plain","optional":true,"computed":true},"org_name":{"type":"string","description_kind":"plain","required":true},"project_id":{"type":"string","description_kind":"plain","required":true},"properties":{"type":["map","string"],"description_kind":"plain","computed":true},"repo_name":{"type":"string","description_kind":"plain","required":true},"service_endpoint_id":{"type":"string","description_kind":"plain","required":true},"type":{"type":"string","description_kind":"plain","required":true},"url":{"type":"string","description_kind":"plain","computed":true}},"description_kind":"plain"}},"azuredevops_task_group":{"version":0,"block":{"attributes":{"group_id":{"type":"string","description_kind":"plain","computed":true},"id":{"type":"string","description_kind":"plain","optional":true,"computed":true},"name":{"type":"string","description_kind":"plain","required":true},"project_id":{"type":"string","description_kind":"plain","required":true}},"description_kind":"plain"}},"azuredevops_user":{"version":0,"block":{"attributes":{"id":{"type":"string","description_kind":"plain","optional":true,"computed":true},"is_email":{"type":"bool","description_kind":"plain","optional":true},"name":{"type":"string","description_kind":"plain","required":true}},"description_kind":"plain"}},"azuredevops_variable_group":{"version":0,"block":{"attributes":{"group_id":{"type":"number","description_kind":"plain","optional":true},"id":{"type":"string","description_kind":"plain","optional":true,"computed":true},"name":{"type":"string","description_kind":"plain","optional":true},"project_id":{"type":"string","description_kind":"plain","required":true},"variables":{"type":["set",["object",{"is_secret":"bool","name":"string","value":"string"}]],"description_kind":"plain","computed":true}},"description_kind":"plain"}},"azuredevops_variable_groups":{"version":0,"block":{"attributes":{"groups":{"type":["list",["object",{"group_id":"number","name":"string","variables":["list",["object",{"is_secret":"bool","name":"string","value":"string"}]]}]],"description_kind":"plain","computed":true},"id":{"type":"string","description_kind":"plain","optional":true,"computed":true},"project_id":{"type":"string","description_kind":"plain","required":true}},"description_kind":"plain"}},"azuredevops_workflow_task":{"version":0,"block":{"attributes":{"extension_id":{"type":"string","description_kind":"plain","optional":true},"id":{"type":"string","description_kind":"plain","optional":true,"computed":true},"name":{"type":"string","description_kind":"plain","required":true},"wait":{"type":"number","description_kind":"plain","optional":true}},"description_kind":"plain"}}}}}}
