{"format_version":"0.2","provider_schemas":{"registry.terraform.io/embracesbs/mssql":{"provider":{"version":0,"block":{"attributes":{"password":{"type":"string","description_kind":"plain","required":true},"url":{"type":"string","description_kind":"plain","required":true},"user_name":{"type":"string","description_kind":"plain","required":true}},"description_kind":"plain"}},"resource_schemas":{"mssql_database":{"version":0,"block":{"attributes":{"collation":{"type":"string","description_kind":"plain","optional":true},"id":{"type":"string","description_kind":"plain","computed":true},"is_read_only":{"type":"bool","description_kind":"plain","computed":true},"name":{"type":"string","description_kind":"plain","required":true},"owner_sid":{"type":"string","description_kind":"plain","computed":true},"recovery_mode":{"type":"string","description_kind":"plain","optional":true}},"description_kind":"plain"}},"mssql_login":{"version":0,"block":{"attributes":{"id":{"type":"string","description_kind":"plain","optional":true,"computed":true},"is_disabled":{"type":"bool","description_kind":"plain","computed":true},"login_type":{"type":"string","description_kind":"plain","computed":true},"name":{"type":"string","description_kind":"plain","required":true},"password":{"type":"string","description_kind":"plain","required":true},"sid":{"type":"string","description_kind":"plain","computed":true}},"description_kind":"plain"}},"mssql_rolemapping":{"version":0,"block":{"attributes":{"database":{"type":"string","description_kind":"plain","required":true},"id":{"type":"string","description_kind":"plain","optional":true,"computed":true},"role":{"type":"string","description_kind":"plain","required":true},"user":{"type":"string","description_kind":"plain","required":true}},"description_kind":"plain"}},"mssql_user":{"version":0,"block":{"attributes":{"database":{"type":"string","description_kind":"plain","required":true},"id":{"type":"string","description_kind":"plain","optional":true,"computed":true},"name":{"type":"string","description_kind":"plain","required":true}},"description_kind":"plain"}}}}}}
