{"format_version":"0.2","provider_schemas":{"registry.terraform.io/empathyco/harbor":{"provider":{"version":0,"block":{"attributes":{"api_version":{"type":"number","description_kind":"plain","optional":true},"insecure":{"type":"bool","description_kind":"plain","optional":true},"password":{"type":"string","description_kind":"plain","optional":true},"url":{"type":"string","description_kind":"plain","optional":true},"username":{"type":"string","description_kind":"plain","optional":true}},"description_kind":"plain"}},"resource_schemas":{"harbor_config_auth":{"version":0,"block":{"attributes":{"auth_mode":{"type":"string","description_kind":"plain","required":true},"id":{"type":"string","description_kind":"plain","optional":true,"computed":true},"ldap_base_dn":{"type":"string","description_kind":"plain","optional":true},"ldap_filter":{"type":"string","description_kind":"plain","optional":true},"ldap_group_admin_dn":{"type":"string","description_kind":"plain","optional":true},"ldap_group_base_dn":{"type":"string","description_kind":"plain","optional":true},"ldap_group_filter":{"type":"string","description_kind":"plain","optional":true},"ldap_group_gid":{"type":"string","description_kind":"plain","optional":true},"ldap_group_membership":{"type":"string","description_kind":"plain","optional":true},"ldap_group_scope":{"type":"string","description_kind":"plain","optional":true},"ldap_group_uid":{"type":"string","description_kind":"plain","optional":true},"ldap_scope":{"type":"string","description_kind":"plain","optional":true},"ldap_search_dn":{"type":"string","description_kind":"plain","optional":true},"ldap_search_password":{"type":"string","description_kind":"plain","optional":true,"sensitive":true},"ldap_uid":{"type":"string","description_kind":"plain","optional":true},"ldap_url":{"type":"string","description_kind":"plain","optional":true},"ldap_verify_cert":{"type":"bool","description_kind":"plain","optional":true},"oidc_auto_onboard":{"type":"bool","description_kind":"plain","optional":true},"oidc_client_id":{"type":"string","description_kind":"plain","optional":true},"oidc_client_secret":{"type":"string","description_kind":"plain","optional":true,"sensitive":true},"oidc_endpoint":{"type":"string","description_kind":"plain","optional":true},"oidc_groups_claim":{"type":"string","description_kind":"plain","optional":true},"oidc_name":{"type":"string","description_kind":"plain","optional":true},"oidc_scope":{"type":"string","description_kind":"plain","optional":true},"oidc_user_claim":{"type":"string","description_kind":"plain","optional":true},"oidc_verify_cert":{"type":"bool","description_kind":"plain","optional":true}},"description_kind":"plain"}},"harbor_config_email":{"version":0,"block":{"attributes":{"email_from":{"type":"string","description_kind":"plain","required":true},"email_host":{"type":"string","description_kind":"plain","required":true},"email_insecure":{"type":"bool","description_kind":"plain","optional":true},"email_password":{"type":"string","description_kind":"plain","optional":true,"sensitive":true},"email_port":{"type":"number","description_kind":"plain","optional":true},"email_ssl":{"type":"bool","description_kind":"plain","optional":true},"email_username":{"type":"string","description_kind":"plain","optional":true},"id":{"type":"string","description_kind":"plain","optional":true,"computed":true}},"description_kind":"plain"}},"harbor_config_system":{"version":0,"block":{"attributes":{"id":{"type":"string","description_kind":"plain","optional":true,"computed":true},"project_creation_restriction":{"type":"string","description_kind":"plain","optional":true},"read_only":{"type":"bool","description_kind":"plain","optional":true},"robot_token_expiration":{"type":"number","description_kind":"plain","optional":true}},"description_kind":"plain"}},"harbor_execution":{"version":0,"block":{"attributes":{"id":{"type":"string","description_kind":"plain","optional":true,"computed":true},"policy_id":{"type":"number","description_kind":"plain","required":true}},"description_kind":"plain"}},"harbor_garbage_collection":{"version":0,"block":{"attributes":{"delete_untagged":{"type":"bool","description_kind":"plain","optional":true},"id":{"type":"string","description_kind":"plain","optional":true,"computed":true},"schedule":{"type":"string","description_kind":"plain","required":true}},"description_kind":"plain"}},"harbor_interrogation_services":{"version":0,"block":{"attributes":{"default_scanner":{"type":"string","description_kind":"plain","optional":true},"id":{"type":"string","description_kind":"plain","optional":true,"computed":true},"vulnerability_scan_policy":{"type":"string","description_kind":"plain","required":true}},"description_kind":"plain"}},"harbor_label":{"version":0,"block":{"attributes":{"color":{"type":"string","description_kind":"plain","optional":true},"description":{"type":"string","description_kind":"plain","optional":true},"id":{"type":"string","description_kind":"plain","optional":true,"computed":true},"name":{"type":"string","description_kind":"plain","required":true},"project_id":{"type":"string","description_kind":"plain","optional":true},"scope":{"type":"string","description_kind":"plain","computed":true}},"description_kind":"plain"}},"harbor_project":{"version":0,"block":{"attributes":{"cve_whitelist":{"type":["list","string"],"description_kind":"plain","optional":true},"deployment_security":{"type":"string","description_kind":"plain","optional":true},"id":{"type":"string","description_kind":"plain","optional":true,"computed":true},"name":{"type":"string","description_kind":"plain","required":true},"project_id":{"type":"number","description_kind":"plain","computed":true},"public":{"type":"string","description_kind":"plain","optional":true},"registry_id":{"type":"number","description_kind":"plain","optional":true},"storage_quota":{"type":"number","description_kind":"plain","optional":true},"vulnerability_scanning":{"type":"bool","description_kind":"plain","optional":true}},"description_kind":"plain"}},"harbor_project_member_group":{"version":0,"block":{"attributes":{"group_id":{"type":"number","description_kind":"plain","optional":true},"group_name":{"type":"string","description_kind":"plain","optional":true},"id":{"type":"string","description_kind":"plain","optional":true,"computed":true},"ldap_group_dn":{"type":"string","description_kind":"plain","optional":true},"member_id":{"type":"number","description_kind":"plain","computed":true},"project_id":{"type":"string","description_kind":"plain","required":true},"role":{"type":"string","description_kind":"plain","required":true},"type":{"type":"string","description_kind":"plain","required":true}},"description_kind":"plain"}},"harbor_project_member_user":{"version":0,"block":{"attributes":{"id":{"type":"string","description_kind":"plain","optional":true,"computed":true},"member_id":{"type":"number","description_kind":"plain","computed":true},"project_id":{"type":"string","description_kind":"plain","required":true},"role":{"type":"string","description_kind":"plain","required":true},"user_name":{"type":"string","description_kind":"plain","required":true}},"description_kind":"plain"}},"harbor_registry":{"version":0,"block":{"attributes":{"access_id":{"type":"string","description_kind":"plain","optional":true},"access_secret":{"type":"string","description_kind":"plain","optional":true,"sensitive":true},"description":{"type":"string","description_kind":"plain","optional":true},"endpoint_url":{"type":"string","description_kind":"plain","required":true},"id":{"type":"string","description_kind":"plain","optional":true,"computed":true},"insecure":{"type":"bool","description_kind":"plain","optional":true},"name":{"type":"string","description_kind":"plain","required":true},"provider_name":{"type":"string","description_kind":"plain","required":true},"registry_id":{"type":"number","description_kind":"plain","computed":true},"status":{"type":"string","description_kind":"plain","computed":true}},"description_kind":"plain"}},"harbor_replication":{"version":0,"block":{"attributes":{"action":{"type":"string","description_kind":"plain","required":true},"description":{"type":"string","description_kind":"plain","optional":true},"dest_namespace":{"type":"string","description_kind":"plain","optional":true},"enabled":{"type":"bool","description_kind":"plain","optional":true},"id":{"type":"string","description_kind":"plain","optional":true,"computed":true},"name":{"type":"string","description_kind":"plain","required":true},"override":{"type":"bool","description_kind":"plain","optional":true},"registry_id":{"type":"number","description_kind":"plain","required":true},"replication_policy_id":{"type":"string","description_kind":"plain","computed":true},"schedule":{"type":"string","description_kind":"plain","optional":true}},"block_types":{"filters":{"nesting_mode":"set","block":{"attributes":{"label":{"type":"string","description_kind":"plain","optional":true},"name":{"type":"string","description_kind":"plain","optional":true},"resource":{"type":"string","description_kind":"plain","optional":true},"tag":{"type":"string","description_kind":"plain","optional":true}},"description_kind":"plain"}}},"description_kind":"plain"}},"harbor_retention_policy":{"version":0,"block":{"attributes":{"id":{"type":"string","description_kind":"plain","optional":true,"computed":true},"schedule":{"type":"string","description_kind":"plain","optional":true},"scope":{"type":"string","description_kind":"plain","required":true}},"block_types":{"rule":{"nesting_mode":"list","block":{"attributes":{"always_retain":{"type":"bool","description_kind":"plain","optional":true},"disabled":{"type":"bool","description_kind":"plain","optional":true},"most_recently_pulled":{"type":"number","description_kind":"plain","optional":true},"most_recently_pushed":{"type":"number","description_kind":"plain","optional":true},"n_days_since_last_pull":{"type":"number","description_kind":"plain","optional":true},"n_days_since_last_push":{"type":"number","description_kind":"plain","optional":true},"repo_excluding":{"type":"string","description_kind":"plain","optional":true},"repo_matching":{"type":"string","description_kind":"plain","optional":true},"tag_excluding":{"type":"string","description_kind":"plain","optional":true},"tag_matching":{"type":"string","description_kind":"plain","optional":true},"untagged_artifacts":{"type":"bool","description_kind":"plain","optional":true}},"description_kind":"plain"},"min_items":1,"max_items":15}},"description_kind":"plain"}},"harbor_robot_account":{"version":0,"block":{"attributes":{"actions":{"type":["list","string"],"description_kind":"plain","optional":true},"description":{"type":"string","description_kind":"plain","optional":true},"id":{"type":"string","description_kind":"plain","optional":true,"computed":true},"name":{"type":"string","description_kind":"plain","required":true},"project_id":{"type":"string","description_kind":"plain","required":true},"robot_id":{"type":"string","description_kind":"plain","computed":true},"token":{"type":"string","description_kind":"plain","computed":true,"sensitive":true}},"description_kind":"plain"}},"harbor_tasks":{"version":0,"block":{"attributes":{"id":{"type":"string","description_kind":"plain","optional":true,"computed":true},"vulnerability_scan_policy":{"type":"string","description_kind":"plain","required":true}},"description_kind":"plain","deprecated":true}},"harbor_user":{"version":0,"block":{"attributes":{"admin":{"type":"bool","description_kind":"plain","optional":true},"comment":{"type":"string","description_kind":"plain","optional":true},"email":{"type":"string","description_kind":"plain","required":true},"full_name":{"type":"string","description_kind":"plain","required":true},"id":{"type":"string","description_kind":"plain","optional":true,"computed":true},"password":{"type":"string","description_kind":"plain","required":true,"sensitive":true},"username":{"type":"string","description_kind":"plain","required":true}},"description_kind":"plain"}}},"data_source_schemas":{"harbor_project":{"version":0,"block":{"attributes":{"id":{"type":"string","description_kind":"plain","optional":true,"computed":true},"name":{"type":"string","description_kind":"plain","required":true},"project_id":{"type":"number","description_kind":"plain","computed":true},"public":{"type":"bool","description_kind":"plain","computed":true},"vulnerability_scanning":{"type":"bool","description_kind":"plain","computed":true}},"description_kind":"plain"}},"harbor_registry":{"version":0,"block":{"attributes":{"description":{"type":"string","description_kind":"plain","computed":true},"id":{"type":"string","description_kind":"plain","optional":true,"computed":true},"insecure":{"type":"string","description_kind":"plain","computed":true},"name":{"type":"string","description_kind":"plain","required":true},"registry_id":{"type":"number","description_kind":"plain","computed":true},"status":{"type":"string","description_kind":"plain","computed":true},"type":{"type":"string","description_kind":"plain","computed":true},"url":{"type":"string","description_kind":"plain","computed":true}},"description_kind":"plain"}}}}}}
