{"format_version":"0.2","provider_schemas":{"registry.terraform.io/env0/env0":{"provider":{"version":0,"block":{"attributes":{"api_endpoint":{"type":"string","description":"override api endpoint (used for testing)","description_kind":"plain","optional":true},"api_key":{"type":"string","description":"env0 api key (https://docs.env0.com/reference#authentication)","description_kind":"plain","required":true,"sensitive":true},"api_secret":{"type":"string","description":"env0 api key secret","description_kind":"plain","required":true,"sensitive":true}},"description_kind":"plain"}},"resource_schemas":{"env0_aws_credentials":{"version":0,"block":{"attributes":{"arn":{"type":"string","description":"the aws role arn","description_kind":"plain","required":true},"external_id":{"type":"string","description":"the aws role external id","description_kind":"plain","required":true,"sensitive":true},"id":{"type":"string","description_kind":"plain","optional":true,"computed":true},"name":{"type":"string","description":"name for the credentials","description_kind":"plain","required":true}},"description_kind":"plain"}},"env0_cloud_credentials_project_assignment":{"version":0,"block":{"attributes":{"credential_id":{"type":"string","description":"id of cloud credentials","description_kind":"plain","required":true},"id":{"type":"string","description_kind":"plain","optional":true,"computed":true},"project_id":{"type":"string","description":"id of the project","description_kind":"plain","required":true}},"description_kind":"plain"}},"env0_configuration_variable":{"version":0,"block":{"attributes":{"enum":{"type":["list","string"],"description":"limit possible values to values from this list","description_kind":"plain","optional":true},"environment_id":{"type":"string","description":"create the variable under this environment, not globally","description_kind":"plain","optional":true},"id":{"type":"string","description_kind":"plain","optional":true,"computed":true},"is_sensitive":{"type":"bool","description":"is the variable sensitive, defaults to false","description_kind":"plain","optional":true},"name":{"type":"string","description":"name to give the configuration variable","description_kind":"plain","required":true},"project_id":{"type":"string","description":"create the variable under this project, not globally","description_kind":"plain","optional":true},"template_id":{"type":"string","description":"create the variable under this template, not globally","description_kind":"plain","optional":true},"type":{"type":"string","description":"default 'environment'. set to 'terraform' to create a terraform variable","description_kind":"plain","optional":true},"value":{"type":"string","description":"value for the configuration variable","description_kind":"plain","required":true}},"description_kind":"plain"}},"env0_project":{"version":0,"block":{"attributes":{"description":{"type":"string","description":"description of the project","description_kind":"plain","optional":true},"id":{"type":"string","description":"id of the project","description_kind":"plain","computed":true},"name":{"type":"string","description":"name to give the project","description_kind":"plain","required":true}},"description_kind":"plain"}},"env0_ssh_key":{"version":0,"block":{"attributes":{"id":{"type":"string","description_kind":"plain","optional":true,"computed":true},"name":{"type":"string","description":"name to give the ssh key","description_kind":"plain","required":true},"value":{"type":"string","description":"value is a private key in PEM format (first line usually looks like -----BEGIN OPENSSH PRIVATE KEY-----)","description_kind":"plain","required":true,"sensitive":true}},"description_kind":"plain"}},"env0_template":{"version":0,"block":{"attributes":{"description":{"type":"string","description":"description for the template","description_kind":"plain","optional":true},"github_installation_id":{"type":"number","description":"The env0 application installation id on the relevant github repository","description_kind":"plain","optional":true},"id":{"type":"string","description_kind":"plain","optional":true,"computed":true},"name":{"type":"string","description":"name to give the template","description_kind":"plain","required":true},"path":{"type":"string","description":"terraform / terragrunt file folder inside source code","description_kind":"plain","optional":true},"repository":{"type":"string","description":"git repository for the template source code","description_kind":"plain","required":true},"retries_on_deploy":{"type":"number","description":"number of times to retry when deploying an environment based on this template","description_kind":"plain","optional":true},"retries_on_destroy":{"type":"number","description":"number of times to retry when destroying an environment based on this template","description_kind":"plain","optional":true},"retry_on_deploy_only_when_matches_regex":{"type":"string","description":"if specified, will only retry (on deploy) if error matches specified regex","description_kind":"plain","optional":true},"retry_on_destroy_only_when_matches_regex":{"type":"string","description":"if specified, will only retry (on destroy) if error matches specified regex","description_kind":"plain","optional":true},"revision":{"type":"string","description":"source code revision (branch / tag) to use","description_kind":"plain","optional":true},"ssh_keys":{"type":["list",["map","string"]],"description":"an array of references to 'data_ssh_key' to use when accessing git over ssh","description_kind":"plain","optional":true},"terraform_version":{"type":"string","description":"Terraform version to use","description_kind":"plain","optional":true},"type":{"type":"string","description":"'terraform' or 'terragrunt'","description_kind":"plain","optional":true}},"description_kind":"plain"}},"env0_template_project_assignment":{"version":0,"block":{"attributes":{"id":{"type":"string","description_kind":"plain","optional":true,"computed":true},"project_id":{"type":"string","description":"id of the project","description_kind":"plain","required":true},"template_id":{"type":"string","description":"id of the template","description_kind":"plain","required":true}},"description_kind":"plain"}}},"data_source_schemas":{"env0_aws_credentials":{"version":0,"block":{"attributes":{"id":{"type":"string","description":"the id of the credential","description_kind":"plain","optional":true},"name":{"type":"string","description":"the name of the credential","description_kind":"plain","optional":true}},"description_kind":"plain"}},"env0_configuration_variable":{"version":0,"block":{"attributes":{"deployment_log_id":{"type":"string","description":"search for the variable under this deployment log, not globally","description_kind":"plain","optional":true},"environment_id":{"type":"string","description":"search for the variable under this environment, not globally","description_kind":"plain","optional":true},"id":{"type":"string","description":"id of the configuration variable","description_kind":"plain","optional":true},"is_sensitive":{"type":"bool","description":"is the variable defined as sensitive","description_kind":"plain","computed":true},"name":{"type":"string","description":"the name of the configuration variable","description_kind":"plain","optional":true},"project_id":{"type":"string","description":"search for the variable under this project, not globally","description_kind":"plain","optional":true},"scope":{"type":"string","description":"scope of the variable","description_kind":"plain","computed":true},"template_id":{"type":"string","description":"search for the variable under this template, not globally","description_kind":"plain","optional":true},"type":{"type":"string","description":"'terraform' or 'environment'. If specified as an argument, limits searching by variable name only to variables of this type.","description_kind":"plain","optional":true},"value":{"type":"string","description":"value stored in the variable","description_kind":"plain","computed":true}},"description_kind":"plain"}},"env0_organization":{"version":0,"block":{"attributes":{"created_by":{"type":"string","description":"textual description of the entity who created the organization","description_kind":"plain","computed":true},"id":{"type":"string","description_kind":"plain","optional":true,"computed":true},"is_self_hosted":{"type":"bool","description":"is the organization self hosted","description_kind":"plain","computed":true},"name":{"type":"string","description":"the name of the organization","description_kind":"plain","computed":true},"role":{"type":"string","description":"role of the authenticated user (through api key) in the organization","description_kind":"plain","computed":true}},"description_kind":"plain"}},"env0_project":{"version":0,"block":{"attributes":{"created_by":{"type":"string","description":"textual description of the entity who created the project","description_kind":"plain","computed":true},"description":{"type":"string","description":"textual description of the project","description_kind":"plain","computed":true},"id":{"type":"string","description":"id of the project","description_kind":"plain","optional":true},"name":{"type":"string","description":"the name of the project","description_kind":"plain","optional":true},"role":{"type":"string","description":"role of the authenticated user (through api key) in the project","description_kind":"plain","computed":true}},"description_kind":"plain"}},"env0_ssh_key":{"version":0,"block":{"attributes":{"id":{"type":"string","description":"id of the ssh key","description_kind":"plain","optional":true},"name":{"type":"string","description":"the name of the ssh key","description_kind":"plain","optional":true}},"description_kind":"plain"}},"env0_template":{"version":0,"block":{"attributes":{"github_installation_id":{"type":"number","description":"The env0 application installation id on the relevant github repository","description_kind":"plain","optional":true},"id":{"type":"string","description":"id of the template","description_kind":"plain","optional":true},"name":{"type":"string","description":"the name of the template","description_kind":"plain","optional":true},"path":{"type":"string","description":"terraform / terrgrunt folder inside source code repository","description_kind":"plain","computed":true},"project_ids":{"type":["list","string"],"description":"which projects may access this template (id of project)","description_kind":"plain","computed":true},"repository":{"type":"string","description":"template source code repository url","description_kind":"plain","computed":true},"retries_on_deploy":{"type":"number","description":"number of times to retry when deploying an environment based on this template","description_kind":"plain","computed":true},"retries_on_destroy":{"type":"number","description":"number of times to retry when destroying an environment based on this template","description_kind":"plain","computed":true},"retry_on_deploy_only_when_matches_regex":{"type":"string","description":"if specified, will only retry (on deploy) if error matches specified regex","description_kind":"plain","computed":true},"retry_on_destroy_only_when_matches_regex":{"type":"string","description":"if specified, will only retry (on destroy) if error matches specified regex","description_kind":"plain","computed":true},"revision":{"type":"string","description":"source code revision (branch / tag) to use","description_kind":"plain","computed":true},"terraform_version":{"type":"string","description":"terraform version to use","description_kind":"plain","computed":true},"type":{"type":"string","description":"'terraform' or 'terragrunt'","description_kind":"plain","computed":true}},"description_kind":"plain"}}}}}}
