{"format_version":"0.2","provider_schemas":{"registry.terraform.io/eventstore/eventstorecloud":{"provider":{"version":0,"block":{"attributes":{"organization_id":{"type":"string","description_kind":"plain","optional":true},"token":{"type":"string","description_kind":"plain","optional":true,"sensitive":true},"token_store":{"type":"string","description_kind":"plain","optional":true},"url":{"type":"string","description_kind":"plain","optional":true}},"description_kind":"plain"}},"resource_schemas":{"eventstorecloud_integration":{"version":0,"block":{"attributes":{"data":{"type":["map","string"],"description":"Data for the integration","description_kind":"markdown","required":true},"description":{"type":"string","description":"Human readable description of the integration","description_kind":"markdown","required":true},"id":{"type":"string","description_kind":"plain","optional":true,"computed":true},"project_id":{"type":"string","description":"ID of the project to which the integration applies","description_kind":"markdown","required":true}},"description":"Manages integration resources, for example Slack or OpsGenie.","description_kind":"markdown"}},"eventstorecloud_managed_cluster":{"version":0,"block":{"attributes":{"disk_size":{"type":"number","description":"Size of the data disks, in gigabytes","description_kind":"markdown","required":true},"disk_type":{"type":"string","description":"Storage class of the data disks (find the list of valid values below)","description_kind":"markdown","required":true},"dns_name":{"type":"string","description":"DNS address of the cluster","description_kind":"markdown","computed":true},"id":{"type":"string","description_kind":"plain","optional":true,"computed":true},"instance_type":{"type":"string","description":"Instance type of the managed cluster (find the list of valid values below)","description_kind":"markdown","required":true},"name":{"type":"string","description":"Name of the managed cluster","description_kind":"markdown","required":true},"network_id":{"type":"string","description":"ID of the network in which the managed cluster exists","description_kind":"markdown","required":true},"project_id":{"type":"string","description":"ID of the project in which the managed cluster exists","description_kind":"markdown","required":true},"projection_level":{"type":"string","description":"Determines whether to run no projections, system projections only, or system and user projections (find the list of valid values below) Defaults to `off`.","description_kind":"markdown","optional":true},"region":{"type":"string","description":"Region in which the cluster was created. Determined by the region of the Network","description_kind":"markdown","computed":true},"resource_provider":{"type":"string","description":"Provider in which the cluster was created. Determined by the provider of the Network.","description_kind":"markdown","computed":true},"server_version":{"type":"string","description":"Server version to provision (find the list of valid values below)","description_kind":"markdown","required":true},"topology":{"type":"string","description":"Topology of the managed cluster (`single-node` or `three-node-multi-zone`)","description_kind":"markdown","required":true}},"description":"Manages EventStoreDB instances and clusters in Event Store Cloud","description_kind":"markdown"}},"eventstorecloud_network":{"version":0,"block":{"attributes":{"cidr_block":{"type":"string","description":"Address space of the network in CIDR block notation","description_kind":"markdown","required":true},"id":{"type":"string","description_kind":"plain","optional":true,"computed":true},"name":{"type":"string","description":"Human-friendly name for the network","description_kind":"markdown","required":true},"project_id":{"type":"string","description":"Project ID","description_kind":"markdown","required":true},"region":{"type":"string","description":"Provider region in which to provision the network","description_kind":"markdown","required":true},"resource_provider":{"type":"string","description":"Cloud Provider in which to provision the network.","description_kind":"markdown","required":true}},"description":"Manages VPC (network) resources in Event Store Cloud","description_kind":"markdown"}},"eventstorecloud_peering":{"version":1,"block":{"attributes":{"id":{"type":"string","description_kind":"plain","optional":true,"computed":true},"name":{"type":"string","description":"Human-friendly name for the network","description_kind":"markdown","required":true},"network_id":{"type":"string","description":"Network ID","description_kind":"markdown","required":true},"peer_account_id":{"type":"string","description":"Account identifier in which to the peer network exists","description_kind":"markdown","required":true},"peer_network_id":{"type":"string","description":"Network identifier of the peer network exists","description_kind":"markdown","required":true},"peer_network_region":{"type":"string","description":"Provider region in which to the peer network exists","description_kind":"markdown","required":true},"peer_resource_provider":{"type":"string","description":"Cloud Provider in which the target network exists","description_kind":"markdown","required":true},"project_id":{"type":"string","description":"Project ID","description_kind":"markdown","required":true},"provider_metadata":{"type":["map","string"],"description":"Metadata about the remote end of the peering connection","description_kind":"markdown","computed":true},"routes":{"type":["set","string"],"description":"Routes to create from the Event Store network to the peer network","description_kind":"markdown","required":true}},"description":"Manages peering connections between Event Store Cloud VPCs and customer own VPCs","description_kind":"markdown"}},"eventstorecloud_project":{"version":0,"block":{"attributes":{"id":{"type":"string","description_kind":"plain","optional":true,"computed":true},"name":{"type":"string","description":"Human-friendly name for the project","description_kind":"markdown","required":true}},"description":"Manages projects within an organization in Event Store Cloud","description_kind":"markdown"}},"eventstorecloud_scheduled_backup":{"version":0,"block":{"attributes":{"backup_description":{"type":"string","description":"backup_description","description_kind":"markdown","required":true},"description":{"type":"string","description":"Human readable description of the job","description_kind":"markdown","required":true},"id":{"type":"string","description_kind":"plain","optional":true,"computed":true},"max_backup_count":{"type":"number","description":"The maximum number of backups to keep for this job","description_kind":"markdown","required":true},"project_id":{"type":"string","description":"ID of the project in which the backup exists","description_kind":"markdown","required":true},"schedule":{"type":"string","description":"Schedule for the backup, defined using restricted subset of cron","description_kind":"markdown","required":true},"source_cluster_id":{"type":"string","description":"the ID of the cluster to back up","description_kind":"markdown","required":true}},"description":"Creates a new scheduled backup.","description_kind":"markdown"}}},"data_source_schemas":{"eventstorecloud_network":{"version":0,"block":{"attributes":{"cidr_block":{"type":"string","description":"Address space of the network in CIDR block notation","description_kind":"markdown","computed":true},"id":{"type":"string","description_kind":"plain","optional":true,"computed":true},"name":{"type":"string","description_kind":"plain","required":true},"project_id":{"type":"string","description_kind":"plain","required":true},"region":{"type":"string","description":"Provider region in which to provision the network","description_kind":"markdown","computed":true},"resource_provider":{"type":"string","description":"Cloud Provider in which to provision the network.","description_kind":"markdown","computed":true}},"description":"Retrieves data for an existing `Network` resource","description_kind":"markdown"}},"eventstorecloud_project":{"version":0,"block":{"attributes":{"id":{"type":"string","description_kind":"plain","optional":true,"computed":true},"name":{"type":"string","description_kind":"plain","required":true}},"description":"Retrieves data for an existing `Project` resource","description_kind":"markdown"}}}}}}
