{"format_version":"0.2","provider_schemas":{"registry.terraform.io/ewilde/kibana":{"provider":{"version":0,"block":{"attributes":{"elastic_search_path":{"type":"string","description":"The elastic search path, defaults to: /es_admin/.kibana","description_kind":"plain","optional":true},"kibana_insecure":{"type":"bool","description":"Disable SSL verification","description_kind":"plain","optional":true},"kibana_password":{"type":"string","description":"The password used to connect to kibana","description_kind":"plain","optional":true},"kibana_type":{"type":"string","description":"The type of the kibana either vanilla or logz.io, defaults to: KibanaTypeVanilla","description_kind":"plain","optional":true},"kibana_uri":{"type":"string","description":"The address of the kibana admin url, defaults to: http://localhost:5601","description_kind":"plain","optional":true},"kibana_username":{"type":"string","description":"The username used to connect to kibana","description_kind":"plain","optional":true},"kibana_version":{"type":"string","description":"The version of kibana being terraformed either 6.0.0 or 5.5.3, defaults to: 6.0.0","description_kind":"plain","optional":true},"logzio_account_id":{"type":"string","description":"The logz.io account id used when connecting to logz.io","description_kind":"plain","optional":true},"logzio_client_id":{"type":"string","description":"The logz.io client id used when connecting to logz.io","description_kind":"plain","optional":true},"logzio_mfa_secret":{"type":"string","description":"The logz.io MFA secret if the account has it enabled.","description_kind":"plain","optional":true}},"description_kind":"plain"}},"resource_schemas":{"kibana_dashboard":{"version":0,"block":{"attributes":{"description":{"type":"string","description":"Description of the kibana saved dashboard","description_kind":"plain","optional":true},"id":{"type":"string","description_kind":"plain","optional":true,"computed":true},"name":{"type":"string","description":"Name of the kibana saved dashboard","description_kind":"plain","required":true},"options_json":{"type":"string","description":"Options json","description_kind":"plain","optional":true},"panels_json":{"type":"string","description":"Panels json","description_kind":"plain","required":true},"search_source_json":{"type":"string","description":"Search source json","description_kind":"plain","optional":true},"time_restore":{"type":"bool","description":"Saved the time selection","description_kind":"plain","optional":true},"ui_state_json":{"type":"string","description":"Ui state json","description_kind":"plain","optional":true}},"block_types":{"references":{"nesting_mode":"set","block":{"attributes":{"id":{"type":"string","description_kind":"plain","required":true},"name":{"type":"string","description_kind":"plain","required":true},"type":{"type":"string","description_kind":"plain","required":true}},"description":"A list of references","description_kind":"plain"}}},"description_kind":"plain"}},"kibana_role":{"version":0,"block":{"attributes":{"id":{"type":"string","description_kind":"plain","optional":true,"computed":true},"name":{"type":"string","description":"Name of the kibana role","description_kind":"plain","required":true}},"block_types":{"elasticsearch":{"nesting_mode":"list","block":{"attributes":{"cluster":{"type":["list","string"],"description_kind":"plain","optional":true},"run_as":{"type":["list","string"],"description_kind":"plain","optional":true}},"block_types":{"indices":{"nesting_mode":"list","block":{"attributes":{"names":{"type":["list","string"],"description_kind":"plain","optional":true},"privileges":{"type":["list","string"],"description_kind":"plain","required":true}},"description_kind":"plain"}}},"description_kind":"plain"},"max_items":1},"kibana":{"nesting_mode":"list","block":{"attributes":{"base":{"type":["list","string"],"description_kind":"plain","optional":true},"spaces":{"type":["list","string"],"description_kind":"plain","required":true}},"block_types":{"feature":{"nesting_mode":"set","block":{"attributes":{"name":{"type":"string","description":"Name of the kibana role","description_kind":"plain","required":true},"privileges":{"type":["list","string"],"description_kind":"plain","optional":true}},"description_kind":"plain"}}},"description_kind":"plain"}}},"description_kind":"plain"}},"kibana_search":{"version":0,"block":{"attributes":{"description":{"type":"string","description":"Description of the kibana saved search","description_kind":"plain","optional":true},"display_columns":{"type":["list","string"],"description_kind":"plain","required":true},"id":{"type":"string","description_kind":"plain","optional":true,"computed":true},"name":{"type":"string","description":"Name of the kibana saved search","description_kind":"plain","required":true},"sort_ascending":{"type":"bool","description_kind":"plain","optional":true},"sort_by_columns":{"type":["list","string"],"description_kind":"plain","optional":true}},"block_types":{"references":{"nesting_mode":"set","block":{"attributes":{"id":{"type":"string","description_kind":"plain","required":true},"name":{"type":"string","description_kind":"plain","required":true},"type":{"type":"string","description_kind":"plain","required":true}},"description":"A list of references","description_kind":"plain"}},"search":{"nesting_mode":"set","block":{"attributes":{"index":{"type":"string","description_kind":"plain","optional":true},"index_ref_name":{"type":"string","description_kind":"plain","optional":true},"query":{"type":"string","description_kind":"plain","optional":true}},"block_types":{"filters":{"nesting_mode":"list","block":{"attributes":{"exists":{"type":"string","description_kind":"plain","optional":true}},"block_types":{"match":{"nesting_mode":"set","block":{"attributes":{"field_name":{"type":"string","description_kind":"plain","required":true},"query":{"type":"string","description_kind":"plain","optional":true},"type":{"type":"string","description_kind":"plain","required":true}},"description_kind":"plain"}},"meta":{"nesting_mode":"set","block":{"attributes":{"alias":{"type":"string","description_kind":"plain","optional":true},"disabled":{"type":"bool","description_kind":"plain","optional":true},"index":{"type":"string","description_kind":"plain","optional":true},"index_ref_name":{"type":"string","description_kind":"plain","optional":true},"key":{"type":"string","description_kind":"plain","required":true},"negate":{"type":"bool","description_kind":"plain","optional":true},"type":{"type":"string","description_kind":"plain","optional":true},"value":{"type":"string","description_kind":"plain","optional":true}},"block_types":{"params":{"nesting_mode":"set","block":{"attributes":{"query":{"type":"string","description_kind":"plain","optional":true},"type":{"type":"string","description_kind":"plain","optional":true}},"description_kind":"plain"}}},"description_kind":"plain"}}},"description_kind":"plain"}}},"description_kind":"plain"}}},"description_kind":"plain"}},"kibana_space":{"version":0,"block":{"attributes":{"color":{"type":"string","description":"Color of the kibana space","description_kind":"plain","optional":true},"description":{"type":"string","description":"Description of the kibana space","description_kind":"plain","optional":true},"disabled_features":{"type":["list","string"],"description_kind":"plain","optional":true},"id":{"type":"string","description_kind":"plain","optional":true,"computed":true},"imageurl":{"type":"string","description":"the data-url encoded image to display in the space avatar","description_kind":"plain","optional":true},"initials":{"type":"string","description":"Initials of the kibana space","description_kind":"plain","optional":true},"name":{"type":"string","description":"Id of the kibana space","description_kind":"plain","required":true},"title":{"type":"string","description":"Full name of the kibana space","description_kind":"plain","required":true}},"description_kind":"plain"}},"kibana_visualization":{"version":0,"block":{"attributes":{"description":{"type":"string","description":"Description of the kibana saved visualization","description_kind":"plain","optional":true},"id":{"type":"string","description_kind":"plain","optional":true,"computed":true},"name":{"type":"string","description":"Name of the kibana saved visualization","description_kind":"plain","required":true},"saved_search_id":{"type":"string","description":"Saved search id this visualization is based on, 'references' and 'saved_search_id' are mutually exclusive, you may set one or the other, but not both","description_kind":"plain","optional":true},"search_source_json":{"type":"string","description":"Search source json","description_kind":"plain","optional":true},"visualization_state":{"type":"string","description":"Visualization state for this resource","description_kind":"plain","required":true}},"block_types":{"references":{"nesting_mode":"set","block":{"attributes":{"id":{"type":"string","description_kind":"plain","required":true},"name":{"type":"string","description_kind":"plain","required":true},"type":{"type":"string","description_kind":"plain","required":true}},"description":"A list of references, 'references' and 'saved_search_id' are mutually exclusive, you may set one or the other, but not both","description_kind":"plain"}}},"description_kind":"plain"}}},"data_source_schemas":{"kibana_index":{"version":0,"block":{"attributes":{"fields":{"type":"string","description_kind":"plain","computed":true},"id":{"type":"string","description_kind":"plain","optional":true,"computed":true},"time_field_name":{"type":"string","description_kind":"plain","computed":true},"title":{"type":"string","description_kind":"plain","computed":true}},"block_types":{"filter":{"nesting_mode":"set","block":{"attributes":{"name":{"type":"string","description_kind":"plain","required":true},"values":{"type":["list","string"],"description_kind":"plain","required":true}},"description_kind":"plain"}}},"description_kind":"plain"}}}}}}
