{"format_version":"0.2","provider_schemas":{"registry.terraform.io/exileed/uptimerobot":{"provider":{"version":0,"block":{"attributes":{"api_key":{"type":"string","description":"API token for UptimeRobot API","description_kind":"markdown","required":true}},"description_kind":"plain"}},"resource_schemas":{"uptimerobot_alert_contact":{"version":0,"block":{"attributes":{"friendly_name":{"type":"string","description_kind":"plain","required":true},"id":{"type":"string","description_kind":"plain","optional":true,"computed":true},"status":{"type":"string","description_kind":"plain","computed":true},"type":{"type":"string","description_kind":"plain","required":true},"value":{"type":"string","description_kind":"plain","required":true}},"description":"Uptimerobot alert contact resource","description_kind":"markdown"}},"uptimerobot_monitor":{"version":0,"block":{"attributes":{"friendly_name":{"type":"string","description":"The friendly name of the monitor.","description_kind":"markdown","required":true},"http_auth_type":{"type":"string","description_kind":"plain","optional":true},"http_password":{"type":"string","description_kind":"plain","optional":true,"sensitive":true},"http_username":{"type":"string","description_kind":"plain","optional":true},"id":{"type":"string","description_kind":"plain","optional":true,"computed":true},"ignore_ssl_errors":{"type":"bool","description_kind":"plain","optional":true},"interval":{"type":"number","description_kind":"plain","optional":true},"port":{"type":"number","description_kind":"plain","optional":true},"status":{"type":"string","description_kind":"plain","computed":true},"sub_type":{"type":"string","description_kind":"plain","optional":true},"timeout":{"type":"number","description_kind":"plain","optional":true},"type":{"type":"string","description_kind":"plain","required":true},"url":{"type":"string","description_kind":"plain","required":true}},"block_types":{"alert_contact":{"nesting_mode":"list","block":{"attributes":{"id":{"type":"string","description_kind":"plain","required":true},"recurrence":{"type":"number","description_kind":"plain","optional":true},"threshold":{"type":"number","description_kind":"plain","optional":true}},"description_kind":"plain"}}},"description":"Uptimerobot monitor resource","description_kind":"markdown"}}},"data_source_schemas":{"uptimerobot_account":{"version":0,"block":{"attributes":{"down_monitors":{"type":"number","description_kind":"plain","computed":true},"email":{"type":"string","description_kind":"plain","computed":true},"id":{"type":"string","description_kind":"plain","optional":true,"computed":true},"monitor_interval":{"type":"number","description_kind":"plain","computed":true},"monitor_limit":{"type":"number","description_kind":"plain","computed":true},"paused_monitors":{"type":"number","description_kind":"plain","computed":true},"up_monitors":{"type":"number","description_kind":"plain","computed":true}},"description":"Use this data source to get information about the current UptimeRobot account.","description_kind":"markdown"}}}}}}
