{"format_version":"0.2","provider_schemas":{"registry.terraform.io/f0rkz/awx":{"provider":{"version":0,"block":{"attributes":{"hostname":{"type":"string","description_kind":"plain","optional":true},"insecure":{"type":"bool","description":"Disable SSL verification of API calls","description_kind":"plain","optional":true},"password":{"type":"string","description_kind":"plain","optional":true,"sensitive":true},"username":{"type":"string","description_kind":"plain","optional":true}},"description_kind":"plain"}},"resource_schemas":{"awx_credential":{"version":0,"block":{"attributes":{"credential_type_id":{"type":"number","description":"Specify the type of credential you want to create. Refer to the Ansible Tower documentation for details on each type","description_kind":"plain","required":true},"description":{"type":"string","description_kind":"plain","optional":true},"id":{"type":"string","description_kind":"plain","optional":true,"computed":true},"inputs":{"type":"string","description_kind":"plain","required":true,"sensitive":true},"name":{"type":"string","description_kind":"plain","required":true},"organisation_id":{"type":"number","description_kind":"plain","required":true}},"description_kind":"plain"}},"awx_credential_azure_key_vault":{"version":0,"block":{"attributes":{"client":{"type":"string","description_kind":"plain","required":true},"description":{"type":"string","description_kind":"plain","optional":true},"id":{"type":"string","description_kind":"plain","optional":true,"computed":true},"name":{"type":"string","description_kind":"plain","required":true},"organisation_id":{"type":"number","description_kind":"plain","required":true},"secret":{"type":"string","description_kind":"plain","required":true,"sensitive":true},"tenant":{"type":"string","description_kind":"plain","required":true},"url":{"type":"string","description_kind":"plain","required":true}},"description_kind":"plain"}},"awx_credential_google_compute_engine":{"version":0,"block":{"attributes":{"description":{"type":"string","description_kind":"plain","optional":true},"id":{"type":"string","description_kind":"plain","optional":true,"computed":true},"name":{"type":"string","description_kind":"plain","required":true},"organisation_id":{"type":"number","description_kind":"plain","required":true},"project":{"type":"string","description_kind":"plain","required":true},"ssh_key_data":{"type":"string","description_kind":"plain","required":true,"sensitive":true},"username":{"type":"string","description_kind":"plain","required":true}},"description_kind":"plain"}},"awx_credential_input_source":{"version":0,"block":{"attributes":{"description":{"type":"string","description_kind":"plain","optional":true},"id":{"type":"string","description_kind":"plain","optional":true,"computed":true},"input_field_name":{"type":"string","description_kind":"plain","required":true},"metadata":{"type":["map","string"],"description_kind":"plain","optional":true},"source":{"type":"number","description_kind":"plain","required":true},"target":{"type":"number","description_kind":"plain","required":true}},"description_kind":"plain"}},"awx_credential_machine":{"version":0,"block":{"attributes":{"become_method":{"type":"string","description_kind":"plain","optional":true},"become_password":{"type":"string","description_kind":"plain","optional":true,"sensitive":true},"become_username":{"type":"string","description_kind":"plain","optional":true},"description":{"type":"string","description_kind":"plain","optional":true},"id":{"type":"string","description_kind":"plain","optional":true,"computed":true},"name":{"type":"string","description_kind":"plain","required":true},"organisation_id":{"type":"number","description_kind":"plain","required":true},"password":{"type":"string","description_kind":"plain","optional":true,"sensitive":true},"ssh_key_data":{"type":"string","description_kind":"plain","optional":true,"sensitive":true},"ssh_key_unlock":{"type":"string","description_kind":"plain","optional":true,"sensitive":true},"ssh_public_key_data":{"type":"string","description_kind":"plain","optional":true},"username":{"type":"string","description_kind":"plain","optional":true}},"description_kind":"plain"}},"awx_credential_scm":{"version":0,"block":{"attributes":{"description":{"type":"string","description_kind":"plain","optional":true},"id":{"type":"string","description_kind":"plain","optional":true,"computed":true},"name":{"type":"string","description_kind":"plain","required":true},"organisation_id":{"type":"number","description_kind":"plain","required":true},"password":{"type":"string","description_kind":"plain","optional":true,"sensitive":true},"ssh_key_data":{"type":"string","description_kind":"plain","optional":true,"sensitive":true},"ssh_key_unlock":{"type":"string","description_kind":"plain","optional":true,"sensitive":true},"username":{"type":"string","description_kind":"plain","optional":true}},"description_kind":"plain"}},"awx_credential_type":{"version":0,"block":{"attributes":{"description":{"type":"string","description":"Optional description of this credential type.","description_kind":"plain","optional":true},"id":{"type":"string","description_kind":"plain","optional":true,"computed":true},"injectors":{"type":"string","description_kind":"plain","required":true},"inputs":{"type":"string","description_kind":"plain","required":true},"kind":{"type":"string","description":"Choices cloud or net","description_kind":"plain","optional":true},"name":{"type":"string","description":"Name of this credential type.","description_kind":"plain","required":true}},"description_kind":"plain"}},"awx_host":{"version":0,"block":{"attributes":{"description":{"type":"string","description_kind":"plain","optional":true},"enabled":{"type":"bool","description_kind":"plain","optional":true},"group_ids":{"type":["list","number"],"description_kind":"plain","optional":true},"id":{"type":"string","description_kind":"plain","optional":true,"computed":true},"instance_id":{"type":"string","description_kind":"plain","optional":true},"inventory_id":{"type":"number","description_kind":"plain","required":true},"name":{"type":"string","description_kind":"plain","required":true},"variables":{"type":"string","description_kind":"plain","optional":true}},"description_kind":"plain"}},"awx_inventory":{"version":0,"block":{"attributes":{"description":{"type":"string","description_kind":"plain","optional":true},"host_filter":{"type":"string","description_kind":"plain","optional":true},"id":{"type":"string","description_kind":"plain","optional":true,"computed":true},"kind":{"type":"string","description_kind":"plain","optional":true},"name":{"type":"string","description_kind":"plain","required":true},"organisation_id":{"type":"string","description_kind":"plain","required":true},"variables":{"type":"string","description_kind":"plain","optional":true}},"description_kind":"plain"}},"awx_inventory_group":{"version":0,"block":{"attributes":{"description":{"type":"string","description_kind":"plain","optional":true},"id":{"type":"string","description_kind":"plain","optional":true,"computed":true},"inventory_id":{"type":"string","description_kind":"plain","optional":true},"name":{"type":"string","description_kind":"plain","required":true},"variables":{"type":"string","description_kind":"plain","optional":true}},"description_kind":"plain"}},"awx_inventory_source":{"version":0,"block":{"attributes":{"credential_id":{"type":"number","description_kind":"plain","optional":true},"description":{"type":"string","description_kind":"plain","optional":true},"enabled_value":{"type":"string","description_kind":"plain","optional":true},"enabled_var":{"type":"string","description_kind":"plain","optional":true},"group_by":{"type":"string","description_kind":"plain","optional":true},"host_filter":{"type":"string","description_kind":"plain","optional":true},"id":{"type":"string","description_kind":"plain","optional":true,"computed":true},"instance_filters":{"type":"string","description_kind":"plain","optional":true},"inventory_id":{"type":"number","description_kind":"plain","required":true},"name":{"type":"string","description_kind":"plain","required":true},"overwrite":{"type":"bool","description_kind":"plain","optional":true},"overwrite_vars":{"type":"bool","description_kind":"plain","optional":true},"source":{"type":"string","description_kind":"plain","optional":true},"source_regions":{"type":"string","description_kind":"plain","optional":true},"source_vars":{"type":"string","description_kind":"plain","optional":true},"update_cache_timeout":{"type":"number","description_kind":"plain","optional":true},"update_on_launch":{"type":"bool","description_kind":"plain","optional":true},"verbosity":{"type":"number","description_kind":"plain","optional":true}},"description_kind":"plain"}},"awx_job_template":{"version":0,"block":{"attributes":{"allow_simultaneous":{"type":"bool","description_kind":"plain","optional":true},"ask_credential_on_launch":{"type":"bool","description_kind":"plain","optional":true},"ask_diff_mode_on_launch":{"type":"bool","description_kind":"plain","optional":true},"ask_inventory_on_launch":{"type":"bool","description_kind":"plain","optional":true},"ask_job_type_on_launch":{"type":"bool","description_kind":"plain","optional":true},"ask_limit_on_launch":{"type":"bool","description_kind":"plain","optional":true},"ask_skip_tags_on_launch":{"type":"bool","description_kind":"plain","optional":true},"ask_tags_on_launch":{"type":"bool","description_kind":"plain","optional":true},"ask_variables_on_launch":{"type":"bool","description_kind":"plain","optional":true},"ask_verbosity_on_launch":{"type":"bool","description_kind":"plain","optional":true},"become_enabled":{"type":"bool","description_kind":"plain","optional":true},"custom_virtualenv":{"type":"string","description_kind":"plain","optional":true},"description":{"type":"string","description_kind":"plain","optional":true},"diff_mode":{"type":"bool","description_kind":"plain","optional":true},"extra_vars":{"type":"string","description_kind":"plain","optional":true},"force_handlers":{"type":"bool","description_kind":"plain","optional":true},"forks":{"type":"number","description_kind":"plain","optional":true},"host_config_key":{"type":"string","description_kind":"plain","optional":true},"id":{"type":"string","description_kind":"plain","optional":true,"computed":true},"inventory_id":{"type":"string","description_kind":"plain","required":true},"job_tags":{"type":"string","description_kind":"plain","optional":true},"job_type":{"type":"string","description":"One of: run, check, scan","description_kind":"plain","required":true},"limit":{"type":"string","description_kind":"plain","optional":true},"name":{"type":"string","description_kind":"plain","required":true},"playbook":{"type":"string","description_kind":"plain","optional":true},"project_id":{"type":"number","description_kind":"plain","required":true},"skip_tags":{"type":"string","description_kind":"plain","optional":true},"start_at_task":{"type":"string","description_kind":"plain","optional":true},"survey_enabled":{"type":"bool","description_kind":"plain","optional":true},"timeout":{"type":"number","description_kind":"plain","optional":true},"use_fact_cache":{"type":"bool","description_kind":"plain","optional":true},"verbosity":{"type":"number","description":"One of 0,1,2,3,4,5","description_kind":"plain","optional":true}},"description_kind":"plain"}},"awx_job_template_credential":{"version":0,"block":{"attributes":{"credential_id":{"type":"number","description_kind":"plain","required":true},"id":{"type":"string","description_kind":"plain","optional":true,"computed":true},"job_template_id":{"type":"number","description_kind":"plain","required":true}},"description_kind":"plain"}},"awx_job_template_launch":{"version":0,"block":{"attributes":{"id":{"type":"string","description_kind":"plain","optional":true,"computed":true},"job_template_id":{"type":"number","description":"Job template ID","description_kind":"plain","required":true}},"description_kind":"plain"}},"awx_organization":{"version":0,"block":{"attributes":{"custom_virtualenv":{"type":"string","description":"Local absolute file path containing a custom Python virtualenv to use","description_kind":"plain","optional":true},"description":{"type":"string","description_kind":"plain","optional":true},"id":{"type":"string","description_kind":"plain","optional":true,"computed":true},"max_hosts":{"type":"number","description":"Maximum number of hosts allowed to be managed by this organization","description_kind":"plain","optional":true},"name":{"type":"string","description_kind":"plain","required":true}},"description_kind":"plain"}},"awx_project":{"version":0,"block":{"attributes":{"description":{"type":"string","description":"Optional description of this project.","description_kind":"plain","optional":true},"id":{"type":"string","description_kind":"plain","optional":true,"computed":true},"local_path":{"type":"string","description":"Local path (relative to PROJECTS_ROOT) containing playbooks and related files for this project.","description_kind":"plain","optional":true},"name":{"type":"string","description":"Name of this project","description_kind":"plain","required":true},"organisation_id":{"type":"number","description":"Numeric ID of the project organization","description_kind":"plain","required":true},"scm_branch":{"type":"string","description":"Specific branch, tag or commit to checkout.","description_kind":"plain","optional":true},"scm_clean":{"type":"bool","description_kind":"plain","optional":true},"scm_credential_id":{"type":"number","description":"Numeric ID of the scm used credential","description_kind":"plain","optional":true},"scm_delete_on_update":{"type":"bool","description_kind":"plain","optional":true},"scm_type":{"type":"string","description":"One of \"\" (manual), git, hg, svn","description_kind":"plain","required":true},"scm_update_cache_timeout":{"type":"number","description_kind":"plain","optional":true},"scm_update_on_launch":{"type":"bool","description_kind":"plain","optional":true},"scm_url":{"type":"string","description_kind":"plain","optional":true}},"block_types":{"timeouts":{"nesting_mode":"single","block":{"attributes":{"create":{"type":"string","description_kind":"plain","optional":true},"delete":{"type":"string","description_kind":"plain","optional":true},"update":{"type":"string","description_kind":"plain","optional":true}},"description_kind":"plain"}}},"description_kind":"plain"}},"awx_workflow_job_template":{"version":0,"block":{"attributes":{"allow_simultaneous":{"type":"bool","description_kind":"plain","optional":true},"ask_inventory_on_launch":{"type":"bool","description_kind":"plain","optional":true},"ask_limit_on_launch":{"type":"bool","description_kind":"plain","optional":true},"ask_scm_branch_on_launch":{"type":"bool","description_kind":"plain","optional":true},"ask_variables_on_launch":{"type":"bool","description_kind":"plain","optional":true},"description":{"type":"string","description":"Optional description of this workflow job template.","description_kind":"plain","optional":true},"id":{"type":"string","description_kind":"plain","optional":true,"computed":true},"inventory_id":{"type":"number","description":"Inventory applied as a prompt, assuming job template prompts for inventory.","description_kind":"plain","optional":true},"limit":{"type":"string","description_kind":"plain","optional":true},"name":{"type":"string","description":"Name of this workflow job template. (string, required)","description_kind":"plain","required":true},"organisation_id":{"type":"number","description":"The organization used to determine access to this template. (id, default=``)","description_kind":"plain","optional":true},"scm_branch":{"type":"string","description_kind":"plain","optional":true},"survey_enabled":{"type":"bool","description_kind":"plain","optional":true},"variables":{"type":"string","description_kind":"plain","optional":true},"webhook_credential":{"type":"string","description_kind":"plain","optional":true},"webhook_service":{"type":"string","description_kind":"plain","optional":true}},"description_kind":"plain"}},"awx_workflow_job_template_node":{"version":0,"block":{"attributes":{"all_parents_must_converge":{"type":"bool","description_kind":"plain","optional":true},"diff_mode":{"type":"bool","description_kind":"plain","optional":true},"extra_data":{"type":"string","description_kind":"plain","optional":true},"id":{"type":"string","description_kind":"plain","optional":true,"computed":true},"identifier":{"type":"string","description_kind":"plain","required":true},"inventory_id":{"type":"number","description":"Inventory applied as a prompt, assuming job template prompts for inventory.","description_kind":"plain","optional":true},"job_tags":{"type":"string","description_kind":"plain","optional":true},"job_type":{"type":"string","description_kind":"plain","optional":true},"limit":{"type":"string","description_kind":"plain","optional":true},"scm_branch":{"type":"string","description_kind":"plain","optional":true},"skip_tags":{"type":"string","description_kind":"plain","optional":true},"unified_job_template_id":{"type":"number","description_kind":"plain","required":true},"verbosity":{"type":"number","description_kind":"plain","optional":true},"workflow_job_template_id":{"type":"number","description_kind":"plain","required":true}},"description_kind":"plain"}},"awx_workflow_job_template_node_allways":{"version":0,"block":{"attributes":{"all_parents_must_converge":{"type":"bool","description_kind":"plain","optional":true},"diff_mode":{"type":"bool","description_kind":"plain","optional":true},"extra_data":{"type":"string","description_kind":"plain","optional":true},"id":{"type":"string","description_kind":"plain","optional":true,"computed":true},"identifier":{"type":"string","description_kind":"plain","required":true},"inventory_id":{"type":"number","description":"Inventory applied as a prompt, assuming job template prompts for inventory.","description_kind":"plain","optional":true},"job_tags":{"type":"string","description_kind":"plain","optional":true},"job_type":{"type":"string","description_kind":"plain","optional":true},"limit":{"type":"string","description_kind":"plain","optional":true},"scm_branch":{"type":"string","description_kind":"plain","optional":true},"skip_tags":{"type":"string","description_kind":"plain","optional":true},"unified_job_template_id":{"type":"number","description_kind":"plain","required":true},"verbosity":{"type":"number","description_kind":"plain","optional":true},"workflow_job_template_node_id":{"type":"number","description_kind":"plain","optional":true}},"description_kind":"plain"}},"awx_workflow_job_template_node_failure":{"version":0,"block":{"attributes":{"all_parents_must_converge":{"type":"bool","description_kind":"plain","optional":true},"diff_mode":{"type":"bool","description_kind":"plain","optional":true},"extra_data":{"type":"string","description_kind":"plain","optional":true},"id":{"type":"string","description_kind":"plain","optional":true,"computed":true},"identifier":{"type":"string","description_kind":"plain","required":true},"inventory_id":{"type":"number","description":"Inventory applied as a prompt, assuming job template prompts for inventory.","description_kind":"plain","optional":true},"job_tags":{"type":"string","description_kind":"plain","optional":true},"job_type":{"type":"string","description_kind":"plain","optional":true},"limit":{"type":"string","description_kind":"plain","optional":true},"scm_branch":{"type":"string","description_kind":"plain","optional":true},"skip_tags":{"type":"string","description_kind":"plain","optional":true},"unified_job_template_id":{"type":"number","description_kind":"plain","required":true},"verbosity":{"type":"number","description_kind":"plain","optional":true},"workflow_job_template_node_id":{"type":"number","description_kind":"plain","optional":true}},"description_kind":"plain"}},"awx_workflow_job_template_node_success":{"version":0,"block":{"attributes":{"all_parents_must_converge":{"type":"bool","description_kind":"plain","optional":true},"diff_mode":{"type":"bool","description_kind":"plain","optional":true},"extra_data":{"type":"string","description_kind":"plain","optional":true},"id":{"type":"string","description_kind":"plain","optional":true,"computed":true},"identifier":{"type":"string","description_kind":"plain","required":true},"inventory_id":{"type":"number","description":"Inventory applied as a prompt, assuming job template prompts for inventory.","description_kind":"plain","optional":true},"job_tags":{"type":"string","description_kind":"plain","optional":true},"job_type":{"type":"string","description_kind":"plain","optional":true},"limit":{"type":"string","description_kind":"plain","optional":true},"scm_branch":{"type":"string","description_kind":"plain","optional":true},"skip_tags":{"type":"string","description_kind":"plain","optional":true},"unified_job_template_id":{"type":"number","description_kind":"plain","required":true},"verbosity":{"type":"number","description_kind":"plain","optional":true},"workflow_job_template_node_id":{"type":"number","description_kind":"plain","optional":true}},"description_kind":"plain"}}},"data_source_schemas":{"awx_credential":{"version":0,"block":{"attributes":{"id":{"type":"number","description_kind":"plain","required":true},"kind":{"type":"string","description_kind":"plain","computed":true},"tower_id":{"type":"number","description_kind":"plain","computed":true},"username":{"type":"string","description_kind":"plain","computed":true}},"description_kind":"plain"}},"awx_credential_azure_key_vault":{"version":0,"block":{"attributes":{"client":{"type":"string","description_kind":"plain","computed":true},"credential_id":{"type":"number","description_kind":"plain","required":true},"description":{"type":"string","description_kind":"plain","computed":true},"id":{"type":"string","description_kind":"plain","optional":true,"computed":true},"name":{"type":"string","description_kind":"plain","computed":true},"organisation_id":{"type":"number","description_kind":"plain","computed":true},"secret":{"type":"string","description_kind":"plain","computed":true,"sensitive":true},"tenant":{"type":"string","description_kind":"plain","computed":true},"url":{"type":"string","description_kind":"plain","computed":true}},"description_kind":"plain"}},"awx_credential_type":{"version":0,"block":{"attributes":{"description":{"type":"string","description_kind":"plain","computed":true},"id":{"type":"number","description_kind":"plain","required":true},"injectors":{"type":"string","description_kind":"plain","computed":true},"inputs":{"type":"string","description_kind":"plain","computed":true},"kind":{"type":"string","description_kind":"plain","computed":true},"name":{"type":"string","description_kind":"plain","computed":true}},"description_kind":"plain"}},"awx_credentials":{"version":0,"block":{"attributes":{"credentials":{"type":["list",["object",{"id":"number","kind":"string","username":"string"}]],"description_kind":"plain","computed":true},"id":{"type":"string","description_kind":"plain","optional":true,"computed":true}},"description_kind":"plain"}},"awx_inventory":{"version":0,"block":{"attributes":{"id":{"type":"number","description_kind":"plain","optional":true,"computed":true},"name":{"type":"string","description_kind":"plain","optional":true,"computed":true},"organisation_id":{"type":"number","description_kind":"plain","optional":true,"computed":true}},"description_kind":"plain"}},"awx_inventory_group":{"version":0,"block":{"attributes":{"id":{"type":"number","description_kind":"plain","optional":true,"computed":true},"inventory_id":{"type":"number","description_kind":"plain","required":true},"name":{"type":"string","description_kind":"plain","optional":true,"computed":true}},"description_kind":"plain"}},"awx_job_template":{"version":0,"block":{"attributes":{"id":{"type":"number","description_kind":"plain","optional":true,"computed":true},"name":{"type":"string","description_kind":"plain","optional":true,"computed":true}},"description_kind":"plain"}},"awx_organization":{"version":0,"block":{"attributes":{"id":{"type":"number","description_kind":"plain","optional":true,"computed":true},"name":{"type":"string","description_kind":"plain","optional":true,"computed":true}},"description_kind":"plain"}},"awx_project":{"version":0,"block":{"attributes":{"id":{"type":"number","description_kind":"plain","optional":true,"computed":true},"name":{"type":"string","description_kind":"plain","optional":true,"computed":true}},"description_kind":"plain"}},"awx_workflow_job_template":{"version":0,"block":{"attributes":{"id":{"type":"number","description_kind":"plain","optional":true,"computed":true},"name":{"type":"string","description_kind":"plain","optional":true,"computed":true}},"description_kind":"plain"}}}}}}
