{"format_version":"0.2","provider_schemas":{"registry.terraform.io/faiq/aws-spot-instance":{"provider":{"version":0,"block":{"attributes":{"access_key":{"type":"string","description":"The access key for API operations. You can retrieve this\nfrom the 'Security \u0026 Credentials' section of the AWS console.","description_kind":"plain","optional":true},"allowed_account_ids":{"type":["set","string"],"description_kind":"plain","optional":true},"forbidden_account_ids":{"type":["set","string"],"description_kind":"plain","optional":true},"insecure":{"type":"bool","description":"Explicitly allow the provider to perform \"insecure\" SSL requests. If omitted,default value is `false`","description_kind":"plain","optional":true},"max_retries":{"type":"number","description":"The maximum number of times an AWS API request is\nbeing executed. If the API request still fails, an error is\nthrown.","description_kind":"plain","optional":true},"profile":{"type":"string","description":"The profile for API operations. If not set, the default profile\ncreated with `aws configure` will be used.","description_kind":"plain","optional":true},"region":{"type":"string","description":"The region where AWS operations will take place. Examples\nare us-east-1, us-west-2, etc.","description_kind":"plain","required":true},"s3_force_path_style":{"type":"bool","description":"Set this to true to force the request to use path-style addressing,\ni.e., http://s3.amazonaws.com/BUCKET/KEY. By default, the S3 client will\nuse virtual hosted bucket addressing when possible\n(http://BUCKET.s3.amazonaws.com/KEY). Specific to the Amazon S3 service.","description_kind":"plain","optional":true},"secret_key":{"type":"string","description":"The secret key for API operations. You can retrieve this\nfrom the 'Security \u0026 Credentials' section of the AWS console.","description_kind":"plain","optional":true},"shared_credentials_file":{"type":"string","description":"The path to the shared credentials file. If not set\nthis defaults to ~/.aws/credentials.","description_kind":"plain","optional":true},"skip_credentials_validation":{"type":"bool","description":"Skip the credentials validation via STS API. Used for AWS API implementations that do not have STS available/implemented.","description_kind":"plain","optional":true},"skip_get_ec2_platforms":{"type":"bool","description":"Skip getting the supported EC2 platforms. Used by users that don't have ec2:DescribeAccountAttributes permissions.","description_kind":"plain","optional":true},"skip_metadata_api_check":{"type":"bool","description_kind":"plain","optional":true},"skip_region_validation":{"type":"bool","description":"Skip static validation of region name. Used by users of alternative AWS-like APIs or users w/ access to regions that are not public (yet).","description_kind":"plain","optional":true},"skip_requesting_account_id":{"type":"bool","description":"Skip requesting the account ID. Used for AWS API implementations that do not have IAM/STS API and/or metadata API.","description_kind":"plain","optional":true},"token":{"type":"string","description":"session token. A session token is only required if you are\nusing temporary security credentials.","description_kind":"plain","optional":true}},"block_types":{"assume_role":{"nesting_mode":"list","block":{"attributes":{"duration_seconds":{"type":"number","description":"Seconds to restrict the assume role session duration.","description_kind":"plain","optional":true},"external_id":{"type":"string","description":"Unique identifier that might be required for assuming a role in another account.","description_kind":"plain","optional":true},"policy":{"type":"string","description":"IAM Policy JSON describing further restricting permissions for the IAM Role being assumed.","description_kind":"plain","optional":true},"policy_arns":{"type":["set","string"],"description":"Amazon Resource Names (ARNs) of IAM Policies describing further restricting permissions for the IAM Role being assumed.","description_kind":"plain","optional":true},"role_arn":{"type":"string","description":"Amazon Resource Name of an IAM Role to assume prior to making API calls.","description_kind":"plain","optional":true},"session_name":{"type":"string","description":"Identifier for the assumed role session.","description_kind":"plain","optional":true},"tags":{"type":["map","string"],"description":"Assume role session tags.","description_kind":"plain","optional":true},"transitive_tag_keys":{"type":["set","string"],"description":"Assume role session tag keys to pass to any subsequent sessions.","description_kind":"plain","optional":true}},"description_kind":"plain"},"max_items":1},"endpoints":{"nesting_mode":"set","block":{"attributes":{"accessanalyzer":{"type":"string","description":"Use this to override the default service endpoint URL","description_kind":"plain","optional":true},"acm":{"type":"string","description":"Use this to override the default service endpoint URL","description_kind":"plain","optional":true},"acmpca":{"type":"string","description":"Use this to override the default service endpoint URL","description_kind":"plain","optional":true},"amplify":{"type":"string","description":"Use this to override the default service endpoint URL","description_kind":"plain","optional":true},"apigateway":{"type":"string","description":"Use this to override the default service endpoint URL","description_kind":"plain","optional":true},"applicationautoscaling":{"type":"string","description":"Use this to override the default service endpoint URL","description_kind":"plain","optional":true},"applicationinsights":{"type":"string","description":"Use this to override the default service endpoint URL","description_kind":"plain","optional":true},"appmesh":{"type":"string","description":"Use this to override the default service endpoint URL","description_kind":"plain","optional":true},"appstream":{"type":"string","description":"Use this to override the default service endpoint URL","description_kind":"plain","optional":true},"appsync":{"type":"string","description":"Use this to override the default service endpoint URL","description_kind":"plain","optional":true},"athena":{"type":"string","description":"Use this to override the default service endpoint URL","description_kind":"plain","optional":true},"autoscaling":{"type":"string","description":"Use this to override the default service endpoint URL","description_kind":"plain","optional":true},"autoscalingplans":{"type":"string","description":"Use this to override the default service endpoint URL","description_kind":"plain","optional":true},"backup":{"type":"string","description":"Use this to override the default service endpoint URL","description_kind":"plain","optional":true},"batch":{"type":"string","description":"Use this to override the default service endpoint URL","description_kind":"plain","optional":true},"budgets":{"type":"string","description":"Use this to override the default service endpoint URL","description_kind":"plain","optional":true},"cloud9":{"type":"string","description":"Use this to override the default service endpoint URL","description_kind":"plain","optional":true},"cloudformation":{"type":"string","description":"Use this to override the default service endpoint URL","description_kind":"plain","optional":true},"cloudfront":{"type":"string","description":"Use this to override the default service endpoint URL","description_kind":"plain","optional":true},"cloudhsm":{"type":"string","description":"Use this to override the default service endpoint URL","description_kind":"plain","optional":true},"cloudsearch":{"type":"string","description":"Use this to override the default service endpoint URL","description_kind":"plain","optional":true},"cloudtrail":{"type":"string","description":"Use this to override the default service endpoint URL","description_kind":"plain","optional":true},"cloudwatch":{"type":"string","description":"Use this to override the default service endpoint URL","description_kind":"plain","optional":true},"cloudwatchevents":{"type":"string","description":"Use this to override the default service endpoint URL","description_kind":"plain","optional":true},"cloudwatchlogs":{"type":"string","description":"Use this to override the default service endpoint URL","description_kind":"plain","optional":true},"codeartifact":{"type":"string","description":"Use this to override the default service endpoint URL","description_kind":"plain","optional":true},"codebuild":{"type":"string","description":"Use this to override the default service endpoint URL","description_kind":"plain","optional":true},"codecommit":{"type":"string","description":"Use this to override the default service endpoint URL","description_kind":"plain","optional":true},"codedeploy":{"type":"string","description":"Use this to override the default service endpoint URL","description_kind":"plain","optional":true},"codepipeline":{"type":"string","description":"Use this to override the default service endpoint URL","description_kind":"plain","optional":true},"cognitoidentity":{"type":"string","description":"Use this to override the default service endpoint URL","description_kind":"plain","optional":true},"cognitoidp":{"type":"string","description":"Use this to override the default service endpoint URL","description_kind":"plain","optional":true},"configservice":{"type":"string","description":"Use this to override the default service endpoint URL","description_kind":"plain","optional":true},"cur":{"type":"string","description":"Use this to override the default service endpoint URL","description_kind":"plain","optional":true},"dataexchange":{"type":"string","description":"Use this to override the default service endpoint URL","description_kind":"plain","optional":true},"datapipeline":{"type":"string","description":"Use this to override the default service endpoint URL","description_kind":"plain","optional":true},"datasync":{"type":"string","description":"Use this to override the default service endpoint URL","description_kind":"plain","optional":true},"dax":{"type":"string","description":"Use this to override the default service endpoint URL","description_kind":"plain","optional":true},"devicefarm":{"type":"string","description":"Use this to override the default service endpoint URL","description_kind":"plain","optional":true},"directconnect":{"type":"string","description":"Use this to override the default service endpoint URL","description_kind":"plain","optional":true},"dlm":{"type":"string","description":"Use this to override the default service endpoint URL","description_kind":"plain","optional":true},"dms":{"type":"string","description":"Use this to override the default service endpoint URL","description_kind":"plain","optional":true},"docdb":{"type":"string","description":"Use this to override the default service endpoint URL","description_kind":"plain","optional":true},"ds":{"type":"string","description":"Use this to override the default service endpoint URL","description_kind":"plain","optional":true},"dynamodb":{"type":"string","description":"Use this to override the default service endpoint URL","description_kind":"plain","optional":true},"ec2":{"type":"string","description":"Use this to override the default service endpoint URL","description_kind":"plain","optional":true},"ecr":{"type":"string","description":"Use this to override the default service endpoint URL","description_kind":"plain","optional":true},"ecs":{"type":"string","description":"Use this to override the default service endpoint URL","description_kind":"plain","optional":true},"efs":{"type":"string","description":"Use this to override the default service endpoint URL","description_kind":"plain","optional":true},"eks":{"type":"string","description":"Use this to override the default service endpoint URL","description_kind":"plain","optional":true},"elasticache":{"type":"string","description":"Use this to override the default service endpoint URL","description_kind":"plain","optional":true},"elasticbeanstalk":{"type":"string","description":"Use this to override the default service endpoint URL","description_kind":"plain","optional":true},"elastictranscoder":{"type":"string","description":"Use this to override the default service endpoint URL","description_kind":"plain","optional":true},"elb":{"type":"string","description":"Use this to override the default service endpoint URL","description_kind":"plain","optional":true},"emr":{"type":"string","description":"Use this to override the default service endpoint URL","description_kind":"plain","optional":true},"es":{"type":"string","description":"Use this to override the default service endpoint URL","description_kind":"plain","optional":true},"firehose":{"type":"string","description":"Use this to override the default service endpoint URL","description_kind":"plain","optional":true},"fms":{"type":"string","description":"Use this to override the default service endpoint URL","description_kind":"plain","optional":true},"forecast":{"type":"string","description":"Use this to override the default service endpoint URL","description_kind":"plain","optional":true},"fsx":{"type":"string","description":"Use this to override the default service endpoint URL","description_kind":"plain","optional":true},"gamelift":{"type":"string","description":"Use this to override the default service endpoint URL","description_kind":"plain","optional":true},"glacier":{"type":"string","description":"Use this to override the default service endpoint URL","description_kind":"plain","optional":true},"globalaccelerator":{"type":"string","description":"Use this to override the default service endpoint URL","description_kind":"plain","optional":true},"glue":{"type":"string","description":"Use this to override the default service endpoint URL","description_kind":"plain","optional":true},"greengrass":{"type":"string","description":"Use this to override the default service endpoint URL","description_kind":"plain","optional":true},"guardduty":{"type":"string","description":"Use this to override the default service endpoint URL","description_kind":"plain","optional":true},"iam":{"type":"string","description":"Use this to override the default service endpoint URL","description_kind":"plain","optional":true},"imagebuilder":{"type":"string","description":"Use this to override the default service endpoint URL","description_kind":"plain","optional":true},"inspector":{"type":"string","description":"Use this to override the default service endpoint URL","description_kind":"plain","optional":true},"iot":{"type":"string","description":"Use this to override the default service endpoint URL","description_kind":"plain","optional":true},"iotanalytics":{"type":"string","description":"Use this to override the default service endpoint URL","description_kind":"plain","optional":true},"iotevents":{"type":"string","description":"Use this to override the default service endpoint URL","description_kind":"plain","optional":true},"kafka":{"type":"string","description":"Use this to override the default service endpoint URL","description_kind":"plain","optional":true},"kinesis":{"type":"string","description":"Use this to override the default service endpoint URL","description_kind":"plain","optional":true},"kinesisanalytics":{"type":"string","description":"Use this to override the default service endpoint URL","description_kind":"plain","optional":true},"kinesisanalyticsv2":{"type":"string","description":"Use this to override the default service endpoint URL","description_kind":"plain","optional":true},"kinesisvideo":{"type":"string","description":"Use this to override the default service endpoint URL","description_kind":"plain","optional":true},"kms":{"type":"string","description":"Use this to override the default service endpoint URL","description_kind":"plain","optional":true},"lakeformation":{"type":"string","description":"Use this to override the default service endpoint URL","description_kind":"plain","optional":true},"lambda":{"type":"string","description":"Use this to override the default service endpoint URL","description_kind":"plain","optional":true},"lexmodels":{"type":"string","description":"Use this to override the default service endpoint URL","description_kind":"plain","optional":true},"licensemanager":{"type":"string","description":"Use this to override the default service endpoint URL","description_kind":"plain","optional":true},"lightsail":{"type":"string","description":"Use this to override the default service endpoint URL","description_kind":"plain","optional":true},"macie":{"type":"string","description":"Use this to override the default service endpoint URL","description_kind":"plain","optional":true},"managedblockchain":{"type":"string","description":"Use this to override the default service endpoint URL","description_kind":"plain","optional":true},"marketplacecatalog":{"type":"string","description":"Use this to override the default service endpoint URL","description_kind":"plain","optional":true},"mediaconnect":{"type":"string","description":"Use this to override the default service endpoint URL","description_kind":"plain","optional":true},"mediaconvert":{"type":"string","description":"Use this to override the default service endpoint URL","description_kind":"plain","optional":true},"medialive":{"type":"string","description":"Use this to override the default service endpoint URL","description_kind":"plain","optional":true},"mediapackage":{"type":"string","description":"Use this to override the default service endpoint URL","description_kind":"plain","optional":true},"mediastore":{"type":"string","description":"Use this to override the default service endpoint URL","description_kind":"plain","optional":true},"mediastoredata":{"type":"string","description":"Use this to override the default service endpoint URL","description_kind":"plain","optional":true},"mq":{"type":"string","description":"Use this to override the default service endpoint URL","description_kind":"plain","optional":true},"neptune":{"type":"string","description":"Use this to override the default service endpoint URL","description_kind":"plain","optional":true},"networkmanager":{"type":"string","description":"Use this to override the default service endpoint URL","description_kind":"plain","optional":true},"opsworks":{"type":"string","description":"Use this to override the default service endpoint URL","description_kind":"plain","optional":true},"organizations":{"type":"string","description":"Use this to override the default service endpoint URL","description_kind":"plain","optional":true},"outposts":{"type":"string","description":"Use this to override the default service endpoint URL","description_kind":"plain","optional":true},"personalize":{"type":"string","description":"Use this to override the default service endpoint URL","description_kind":"plain","optional":true},"pinpoint":{"type":"string","description":"Use this to override the default service endpoint URL","description_kind":"plain","optional":true},"pricing":{"type":"string","description":"Use this to override the default service endpoint URL","description_kind":"plain","optional":true},"qldb":{"type":"string","description":"Use this to override the default service endpoint URL","description_kind":"plain","optional":true},"quicksight":{"type":"string","description":"Use this to override the default service endpoint URL","description_kind":"plain","optional":true},"ram":{"type":"string","description":"Use this to override the default service endpoint URL","description_kind":"plain","optional":true},"rds":{"type":"string","description":"Use this to override the default service endpoint URL","description_kind":"plain","optional":true},"redshift":{"type":"string","description":"Use this to override the default service endpoint URL","description_kind":"plain","optional":true},"resourcegroups":{"type":"string","description":"Use this to override the default service endpoint URL","description_kind":"plain","optional":true},"resourcegroupstaggingapi":{"type":"string","description":"Use this to override the default service endpoint URL","description_kind":"plain","optional":true},"route53":{"type":"string","description":"Use this to override the default service endpoint URL","description_kind":"plain","optional":true},"route53domains":{"type":"string","description":"Use this to override the default service endpoint URL","description_kind":"plain","optional":true},"route53resolver":{"type":"string","description":"Use this to override the default service endpoint URL","description_kind":"plain","optional":true},"s3":{"type":"string","description":"Use this to override the default service endpoint URL","description_kind":"plain","optional":true},"s3control":{"type":"string","description":"Use this to override the default service endpoint URL","description_kind":"plain","optional":true},"sagemaker":{"type":"string","description":"Use this to override the default service endpoint URL","description_kind":"plain","optional":true},"sdb":{"type":"string","description":"Use this to override the default service endpoint URL","description_kind":"plain","optional":true},"secretsmanager":{"type":"string","description":"Use this to override the default service endpoint URL","description_kind":"plain","optional":true},"securityhub":{"type":"string","description":"Use this to override the default service endpoint URL","description_kind":"plain","optional":true},"serverlessrepo":{"type":"string","description":"Use this to override the default service endpoint URL","description_kind":"plain","optional":true},"servicecatalog":{"type":"string","description":"Use this to override the default service endpoint URL","description_kind":"plain","optional":true},"servicediscovery":{"type":"string","description":"Use this to override the default service endpoint URL","description_kind":"plain","optional":true},"servicequotas":{"type":"string","description":"Use this to override the default service endpoint URL","description_kind":"plain","optional":true},"ses":{"type":"string","description":"Use this to override the default service endpoint URL","description_kind":"plain","optional":true},"shield":{"type":"string","description":"Use this to override the default service endpoint URL","description_kind":"plain","optional":true},"sns":{"type":"string","description":"Use this to override the default service endpoint URL","description_kind":"plain","optional":true},"sqs":{"type":"string","description":"Use this to override the default service endpoint URL","description_kind":"plain","optional":true},"ssm":{"type":"string","description":"Use this to override the default service endpoint URL","description_kind":"plain","optional":true},"stepfunctions":{"type":"string","description":"Use this to override the default service endpoint URL","description_kind":"plain","optional":true},"storagegateway":{"type":"string","description":"Use this to override the default service endpoint URL","description_kind":"plain","optional":true},"sts":{"type":"string","description":"Use this to override the default service endpoint URL","description_kind":"plain","optional":true},"swf":{"type":"string","description":"Use this to override the default service endpoint URL","description_kind":"plain","optional":true},"synthetics":{"type":"string","description":"Use this to override the default service endpoint URL","description_kind":"plain","optional":true},"transfer":{"type":"string","description":"Use this to override the default service endpoint URL","description_kind":"plain","optional":true},"waf":{"type":"string","description":"Use this to override the default service endpoint URL","description_kind":"plain","optional":true},"wafregional":{"type":"string","description":"Use this to override the default service endpoint URL","description_kind":"plain","optional":true},"wafv2":{"type":"string","description":"Use this to override the default service endpoint URL","description_kind":"plain","optional":true},"worklink":{"type":"string","description":"Use this to override the default service endpoint URL","description_kind":"plain","optional":true},"workmail":{"type":"string","description":"Use this to override the default service endpoint URL","description_kind":"plain","optional":true},"workspaces":{"type":"string","description":"Use this to override the default service endpoint URL","description_kind":"plain","optional":true},"xray":{"type":"string","description":"Use this to override the default service endpoint URL","description_kind":"plain","optional":true}},"description_kind":"plain"}},"ignore_tags":{"nesting_mode":"list","block":{"attributes":{"key_prefixes":{"type":["set","string"],"description":"Resource tag key prefixes to ignore across all resources.","description_kind":"plain","optional":true},"keys":{"type":["set","string"],"description":"Resource tag keys to ignore across all resources.","description_kind":"plain","optional":true}},"description":"Configuration block with settings to ignore resource tags across all resources.","description_kind":"plain"},"max_items":1}},"description_kind":"plain"}},"resource_schemas":{"aws_spot_instance_request":{"version":0,"block":{"attributes":{"allow_unfulfilled":{"type":"bool","description_kind":"plain","optional":true},"ami":{"type":"string","description_kind":"plain","required":true},"arn":{"type":"string","description_kind":"plain","computed":true},"associate_public_ip_address":{"type":"bool","description_kind":"plain","optional":true,"computed":true},"availability_zone":{"type":"string","description_kind":"plain","optional":true,"computed":true},"block_duration_minutes":{"type":"number","description_kind":"plain","optional":true},"cpu_core_count":{"type":"number","description_kind":"plain","optional":true,"computed":true},"cpu_threads_per_core":{"type":"number","description_kind":"plain","optional":true,"computed":true},"disable_api_termination":{"type":"bool","description_kind":"plain","optional":true},"ebs_optimized":{"type":"bool","description_kind":"plain","optional":true},"get_password_data":{"type":"bool","description_kind":"plain","optional":true},"hibernation":{"type":"bool","description_kind":"plain","optional":true},"host_id":{"type":"string","description_kind":"plain","optional":true,"computed":true},"iam_instance_profile":{"type":"string","description_kind":"plain","optional":true},"id":{"type":"string","description_kind":"plain","optional":true,"computed":true},"instance_initiated_shutdown_behavior":{"type":"string","description_kind":"plain","optional":true},"instance_interruption_behaviour":{"type":"string","description_kind":"plain","optional":true},"instance_state":{"type":"string","description_kind":"plain","computed":true},"instance_type":{"type":"string","description_kind":"plain","required":true},"ipv6_address_count":{"type":"number","description_kind":"plain","optional":true,"computed":true},"ipv6_addresses":{"type":["list","string"],"description_kind":"plain","optional":true,"computed":true},"key_name":{"type":"string","description_kind":"plain","optional":true,"computed":true},"launch_group":{"type":"string","description_kind":"plain","optional":true},"monitoring":{"type":"bool","description_kind":"plain","optional":true},"outpost_arn":{"type":"string","description_kind":"plain","computed":true},"password_data":{"type":"string","description_kind":"plain","computed":true},"placement_group":{"type":"string","description_kind":"plain","optional":true,"computed":true},"primary_network_interface_id":{"type":"string","description_kind":"plain","computed":true},"private_dns":{"type":"string","description_kind":"plain","computed":true},"private_ip":{"type":"string","description_kind":"plain","optional":true,"computed":true},"public_dns":{"type":"string","description_kind":"plain","computed":true},"public_ip":{"type":"string","description_kind":"plain","computed":true},"secondary_private_ips":{"type":["set","string"],"description_kind":"plain","optional":true,"computed":true},"security_groups":{"type":["set","string"],"description_kind":"plain","optional":true,"computed":true},"source_dest_check":{"type":"bool","description_kind":"plain","optional":true},"spot_bid_status":{"type":"string","description_kind":"plain","computed":true},"spot_instance_id":{"type":"string","description_kind":"plain","computed":true},"spot_price":{"type":"string","description_kind":"plain","optional":true},"spot_request_state":{"type":"string","description_kind":"plain","computed":true},"spot_type":{"type":"string","description_kind":"plain","optional":true},"subnet_id":{"type":"string","description_kind":"plain","optional":true,"computed":true},"tags":{"type":["map","string"],"description_kind":"plain","optional":true},"tenancy":{"type":"string","description_kind":"plain","optional":true,"computed":true},"user_data":{"type":"string","description_kind":"plain","optional":true},"user_data_base64":{"type":"string","description_kind":"plain","optional":true},"valid_from":{"type":"string","description_kind":"plain","optional":true,"computed":true},"valid_until":{"type":"string","description_kind":"plain","optional":true,"computed":true},"volume_tags":{"type":["map","string"],"description_kind":"plain","optional":true},"vpc_security_group_ids":{"type":["set","string"],"description_kind":"plain","optional":true,"computed":true},"wait_for_fulfillment":{"type":"bool","description_kind":"plain","optional":true}},"block_types":{"credit_specification":{"nesting_mode":"list","block":{"attributes":{"cpu_credits":{"type":"string","description_kind":"plain","optional":true}},"description_kind":"plain"},"max_items":1},"ebs_block_device":{"nesting_mode":"set","block":{"attributes":{"delete_on_termination":{"type":"bool","description_kind":"plain","optional":true},"device_name":{"type":"string","description_kind":"plain","required":true},"encrypted":{"type":"bool","description_kind":"plain","optional":true,"computed":true},"iops":{"type":"number","description_kind":"plain","optional":true,"computed":true},"kms_key_id":{"type":"string","description_kind":"plain","optional":true,"computed":true},"snapshot_id":{"type":"string","description_kind":"plain","optional":true,"computed":true},"volume_id":{"type":"string","description_kind":"plain","computed":true},"volume_size":{"type":"number","description_kind":"plain","optional":true,"computed":true},"volume_type":{"type":"string","description_kind":"plain","optional":true,"computed":true}},"description_kind":"plain"}},"ephemeral_block_device":{"nesting_mode":"set","block":{"attributes":{"device_name":{"type":"string","description_kind":"plain","required":true},"no_device":{"type":"bool","description_kind":"plain","optional":true},"virtual_name":{"type":"string","description_kind":"plain","optional":true}},"description_kind":"plain"}},"metadata_options":{"nesting_mode":"list","block":{"attributes":{"http_endpoint":{"type":"string","description_kind":"plain","optional":true,"computed":true},"http_put_response_hop_limit":{"type":"number","description_kind":"plain","optional":true,"computed":true},"http_tokens":{"type":"string","description_kind":"plain","optional":true,"computed":true}},"description_kind":"plain"},"max_items":1},"network_interface":{"nesting_mode":"set","block":{"attributes":{"delete_on_termination":{"type":"bool","description_kind":"plain","optional":true},"device_index":{"type":"number","description_kind":"plain","required":true},"network_interface_id":{"type":"string","description_kind":"plain","required":true}},"description_kind":"plain"}},"root_block_device":{"nesting_mode":"list","block":{"attributes":{"delete_on_termination":{"type":"bool","description_kind":"plain","optional":true},"device_name":{"type":"string","description_kind":"plain","computed":true},"encrypted":{"type":"bool","description_kind":"plain","optional":true,"computed":true},"iops":{"type":"number","description_kind":"plain","optional":true,"computed":true},"kms_key_id":{"type":"string","description_kind":"plain","optional":true,"computed":true},"volume_id":{"type":"string","description_kind":"plain","computed":true},"volume_size":{"type":"number","description_kind":"plain","optional":true,"computed":true},"volume_type":{"type":"string","description_kind":"plain","optional":true,"computed":true}},"description_kind":"plain"},"max_items":1},"timeouts":{"nesting_mode":"single","block":{"attributes":{"create":{"type":"string","description_kind":"plain","optional":true},"delete":{"type":"string","description_kind":"plain","optional":true}},"description_kind":"plain"}}},"description_kind":"plain"}}}}}}
