{"format_version":"0.2","provider_schemas":{"registry.terraform.io/fatedier/alicloud":{"provider":{"version":0,"block":{"attributes":{"access_key":{"type":"string","description":"The access key for API operations. You can retrieve this from the 'Security Management' section of the Alibaba Cloud console.","description_kind":"plain","optional":true},"account_id":{"type":"string","description":"The account ID for some service API operations. You can retrieve this from the 'Security Settings' section of the Alibaba Cloud console.","description_kind":"plain","optional":true},"client_connect_timeout":{"type":"number","description":"The maximum timeout of the client connection server.","description_kind":"plain","optional":true},"client_read_timeout":{"type":"number","description":"The maximum timeout of the client read request.","description_kind":"plain","optional":true},"configuration_source":{"type":"string","description":"Use this to mark a terraform configuration file source.","description_kind":"plain","optional":true},"ecs_role_name":{"type":"string","description":"The RAM Role Name attached on a ECS instance for API operations. You can retrieve this from the 'Access Control' section of the Alibaba Cloud console.","description_kind":"plain","optional":true},"fc":{"type":"string","description_kind":"plain","optional":true},"log_endpoint":{"type":"string","description_kind":"plain","optional":true},"mns_endpoint":{"type":"string","description_kind":"plain","optional":true},"ots_instance_name":{"type":"string","description_kind":"plain","optional":true},"profile":{"type":"string","description":"The profile for API operations. If not set, the default profile created with `aliyun configure` will be used.","description_kind":"plain","optional":true},"protocol":{"type":"string","description_kind":"plain","optional":true},"region":{"type":"string","description":"The region where Alibaba Cloud operations will take place. Examples are cn-beijing, cn-hangzhou, eu-central-1, etc.","description_kind":"plain","optional":true},"secret_key":{"type":"string","description":"The secret key for API operations. You can retrieve this from the 'Security Management' section of the Alibaba Cloud console.","description_kind":"plain","optional":true},"security_token":{"type":"string","description":"security token. A security token is only required if you are using Security Token Service.","description_kind":"plain","optional":true},"shared_credentials_file":{"type":"string","description":"The path to the shared credentials file. If not set this defaults to ~/.aliyun/config.json","description_kind":"plain","optional":true},"skip_region_validation":{"type":"bool","description":"Skip static validation of region ID. Used by users of alternative AlibabaCloud-like APIs or users w/ access to regions that are not public (yet).","description_kind":"plain","optional":true},"source_ip":{"type":"string","description":"The access key for API operations. You can retrieve this from the 'Security Management' section of the Alibaba Cloud console.","description_kind":"plain","optional":true}},"block_types":{"assume_role":{"nesting_mode":"set","block":{"attributes":{"policy":{"type":"string","description":"The permissions applied when assuming a role. You cannot use, this policy to grant further permissions that are in excess to those of the, role that is being assumed.","description_kind":"plain","optional":true},"role_arn":{"type":"string","description":"The ARN of a RAM role to assume prior to making API calls.","description_kind":"plain","optional":true},"session_expiration":{"type":"number","description":"The time after which the established session for assuming role expires. Valid value range: [900-3600] seconds. Default to 0 (in this case Alicloud use own default value).","description_kind":"plain","optional":true},"session_name":{"type":"string","description":"The session name to use when assuming the role. If omitted, `terraform` is passed to the AssumeRole call as session name.","description_kind":"plain","optional":true}},"description_kind":"plain"},"max_items":1},"endpoints":{"nesting_mode":"set","block":{"attributes":{"actiontrail":{"type":"string","description":"Use this to override the default endpoint URL constructed from the `region`. It's typically used to connect to custom Actiontrail endpoints.","description_kind":"plain","optional":true},"adb":{"type":"string","description":"Use this to override the default endpoint URL constructed from the `region`. It's typically used to connect to custom AnalyticDB endpoints.","description_kind":"plain","optional":true},"alb":{"type":"string","description":"Use this to override the default endpoint URL constructed from the `region`. It's typically used to connect to custom alb endpoints.","description_kind":"plain","optional":true},"alidns":{"type":"string","description":"Use this to override the default endpoint URL constructed from the `region`. It's typically used to connect to custom alidns endpoints.","description_kind":"plain","optional":true},"alikafka":{"type":"string","description":"Use this to override the default endpoint URL constructed from the `region`. It's typically used to connect to custom ALIKAFKA endpoints.","description_kind":"plain","optional":true},"apigateway":{"type":"string","description":"Use this to override the default endpoint URL constructed from the `region`. It's typically used to connect to custom Api Gateway endpoints.","description_kind":"plain","optional":true},"arms":{"type":"string","description":"Use this to override the default endpoint URL constructed from the `region`. It's typically used to connect to custom arms endpoints.","description_kind":"plain","optional":true},"brain_industrial":{"type":"string","description":"Use this to override the default endpoint URL constructed from the `region`. It's typically used to connect to custom brain_industrial endpoints.","description_kind":"plain","optional":true},"bssopenapi":{"type":"string","description":"Use this to override the default endpoint URL constructed from the `region`. It's typically used to connect to custom BSSOPENAPI endpoints.","description_kind":"plain","optional":true},"cas":{"type":"string","description":"Use this to override the default endpoint URL constructed from the `region`. It's typically used to connect to custom CAS endpoints.","description_kind":"plain","optional":true},"cassandra":{"type":"string","description":"Use this to override the default endpoint URL constructed from the `region`. It's typically used to connect to custom cassandra endpoints.","description_kind":"plain","optional":true},"cbn":{"type":"string","description":"Use this to override the default endpoint URL constructed from the `region`. It's typically used to connect to custom cbn endpoints.","description_kind":"plain","optional":true},"cdn":{"type":"string","description":"Use this to override the default endpoint URL constructed from the `region`. It's typically used to connect to custom CDN endpoints.","description_kind":"plain","optional":true},"cds":{"type":"string","description":"Use this to override the default endpoint URL constructed from the `region`. It's typically used to connect to custom cds endpoints.","description_kind":"plain","optional":true},"cloudphone":{"type":"string","description":"Use this to override the default endpoint URL constructed from the `region`. It's typically used to connect to custom cloudphone endpoints.","description_kind":"plain","optional":true},"cms":{"type":"string","description":"Use this to override the default endpoint URL constructed from the `region`. It's typically used to connect to custom Cloud Monitor endpoints.","description_kind":"plain","optional":true},"config":{"type":"string","description":"Use this to override the default endpoint URL constructed from the `region`. It's typically used to connect to custom config endpoints.","description_kind":"plain","optional":true},"cr":{"type":"string","description":"Use this to override the default endpoint URL constructed from the `region`. It's typically used to connect to custom Container Registry endpoints.","description_kind":"plain","optional":true},"cs":{"type":"string","description":"Use this to override the default endpoint URL constructed from the `region`. It's typically used to connect to custom Container Service endpoints.","description_kind":"plain","optional":true},"datahub":{"type":"string","description":"Use this to override the default endpoint URL constructed from the `region`. It's typically used to connect to custom Datahub endpoints.","description_kind":"plain","optional":true},"dcdn":{"type":"string","description":"Use this to override the default endpoint URL constructed from the `region`. It's typically used to connect to custom dcdn endpoints.","description_kind":"plain","optional":true},"ddosbgp":{"type":"string","description":"Use this to override the default endpoint URL constructed from the `region`. It's typically used to connect to custom DDOSBGP endpoints.","description_kind":"plain","optional":true},"ddoscoo":{"type":"string","description":"Use this to override the default endpoint URL constructed from the `region`. It's typically used to connect to custom DDOSCOO endpoints.","description_kind":"plain","optional":true},"dds":{"type":"string","description":"Use this to override the default endpoint URL constructed from the `region`. It's typically used to connect to custom MongoDB endpoints.","description_kind":"plain","optional":true},"dm":{"type":"string","description":"Use this to override the default endpoint URL constructed from the `region`. It's typically used to connect to custom dm endpoints.","description_kind":"plain","optional":true},"dms_enterprise":{"type":"string","description":"Use this to override the default endpoint URL constructed from the `region`. It's typically used to connect to custom dms_enterprise endpoints.","description_kind":"plain","optional":true},"dns":{"type":"string","description":"Use this to override the default endpoint URL constructed from the `region`. It's typically used to connect to custom DNS endpoints.","description_kind":"plain","optional":true},"drds":{"type":"string","description":"Use this to override the default endpoint URL constructed from the `region`. It's typically used to connect to custom DRDS endpoints.","description_kind":"plain","optional":true},"eci":{"type":"string","description":"Use this to override the default endpoint URL constructed from the `region`. It's typically used to connect to custom eci endpoints.","description_kind":"plain","optional":true},"ecs":{"type":"string","description":"Use this to override the default endpoint URL constructed from the `region`. It's typically used to connect to custom ECS endpoints.","description_kind":"plain","optional":true},"eipanycast":{"type":"string","description":"Use this to override the default endpoint URL constructed from the `region`. It's typically used to connect to custom eipanycast endpoints.","description_kind":"plain","optional":true},"elasticsearch":{"type":"string","description":"Use this to override the default endpoint URL constructed from the `region`. It's typically used to connect to custom Elasticsearch endpoints.","description_kind":"plain","optional":true},"emr":{"type":"string","description":"Use this to override the default endpoint URL constructed from the `region`. It's typically used to connect to custom EMR endpoints.","description_kind":"plain","optional":true},"ess":{"type":"string","description":"Use this to override the default endpoint URL constructed from the `region`. It's typically used to connect to custom Autoscaling endpoints.","description_kind":"plain","optional":true},"eventbridge":{"type":"string","description":"Use this to override the default endpoint URL constructed from the `region`. It's typically used to connect to custom eventbridge_share endpoints.","description_kind":"plain","optional":true},"fc":{"type":"string","description":"Use this to override the default endpoint URL constructed from the `region`. It's typically used to connect to custom Function Computing endpoints.","description_kind":"plain","optional":true},"fnf":{"type":"string","description":"Use this to override the default endpoint URL constructed from the `region`. It's typically used to connect to custom fnf endpoints.","description_kind":"plain","optional":true},"ga":{"type":"string","description":"Use this to override the default endpoint URL constructed from the `region`. It's typically used to connect to custom ga endpoints.","description_kind":"plain","optional":true},"gpdb":{"type":"string","description":"Use this to override the default endpoint URL constructed from the `region`. It's typically used to connect to custom GPDB endpoints.","description_kind":"plain","optional":true},"gwsecd":{"type":"string","description":"Use this to override the default endpoint URL constructed from the `region`. It's typically used to connect to custom gwsecd endpoints.","description_kind":"plain","optional":true},"hbr":{"type":"string","description":"Use this to override the default endpoint URL constructed from the `region`. It's typically used to connect to custom hbr endpoints.","description_kind":"plain","optional":true},"hitsdb":{"type":"string","description":"Use this to override the default endpoint URL constructed from the `region`. It's typically used to connect to custom hitsdb endpoints.","description_kind":"plain","optional":true},"ims":{"type":"string","description":"Use this to override the default endpoint URL constructed from the `region`. It's typically used to connect to custom ims endpoints.","description_kind":"plain","optional":true},"kms":{"type":"string","description":"Use this to override the default endpoint URL constructed from the `region`. It's typically used to connect to custom KMS endpoints.","description_kind":"plain","optional":true},"kvstore":{"type":"string","description":"Use this to override the default endpoint URL constructed from the `region`. It's typically used to connect to custom R-KVStore endpoints.","description_kind":"plain","optional":true},"location":{"type":"string","description":"Use this to override the default endpoint URL constructed from the `region`. It's typically used to connect to custom Location Service endpoints.","description_kind":"plain","optional":true},"log":{"type":"string","description":"Use this to override the default endpoint URL constructed from the `region`. It's typically used to connect to custom Log Service endpoints.","description_kind":"plain","optional":true},"market":{"type":"string","description":"Use this to override the default endpoint URL constructed from the `region`. It's typically used to connect to custom Market Place endpoints.","description_kind":"plain","optional":true},"maxcompute":{"type":"string","description":"Use this to override the default endpoint URL constructed from the `region`. It's typically used to connect to custom MaxCompute endpoints.","description_kind":"plain","optional":true},"mns":{"type":"string","description":"Use this to override the default endpoint URL constructed from the `region`. It's typically used to connect to custom MNS endpoints.","description_kind":"plain","optional":true},"mse":{"type":"string","description":"Use this to override the default endpoint URL constructed from the `region`. It's typically used to connect to custom mse endpoints.","description_kind":"plain","optional":true},"nas":{"type":"string","description":"Use this to override the default endpoint URL constructed from the `region`. It's typically used to connect to custom NAS endpoints.","description_kind":"plain","optional":true},"ons":{"type":"string","description":"Use this to override the default endpoint URL constructed from the `region`. It's typically used to connect to custom ONS endpoints.","description_kind":"plain","optional":true},"onsproxy":{"type":"string","description":"Use this to override the default endpoint URL constructed from the `region`. It's typically used to connect to custom onsproxy endpoints.","description_kind":"plain","optional":true},"oos":{"type":"string","description":"Use this to override the default endpoint URL constructed from the `region`. It's typically used to connect to custom oos endpoints.","description_kind":"plain","optional":true},"oss":{"type":"string","description":"Use this to override the default endpoint URL constructed from the `region`. It's typically used to connect to custom OSS endpoints.","description_kind":"plain","optional":true},"ots":{"type":"string","description":"Use this to override the default endpoint URL constructed from the `region`. It's typically used to connect to custom Table Store endpoints.","description_kind":"plain","optional":true},"polardb":{"type":"string","description":"Use this to override the default endpoint URL constructed from the `region`. It's typically used to connect to custom PolarDB endpoints.","description_kind":"plain","optional":true},"privatelink":{"type":"string","description":"Use this to override the default endpoint URL constructed from the `region`. It's typically used to connect to custom privatelink endpoints.","description_kind":"plain","optional":true},"pvtz":{"type":"string","description":"Use this to override the default endpoint URL constructed from the `region`. It's typically used to connect to custom Private Zone endpoints.","description_kind":"plain","optional":true},"quotas":{"type":"string","description":"Use this to override the default endpoint URL constructed from the `region`. It's typically used to connect to custom quotas endpoints.","description_kind":"plain","optional":true},"r_kvstore":{"type":"string","description":"Use this to override the default endpoint URL constructed from the `region`. It's typically used to connect to custom r_kvstore endpoints.","description_kind":"plain","optional":true},"ram":{"type":"string","description":"Use this to override the default endpoint URL constructed from the `region`. It's typically used to connect to custom RAM endpoints.","description_kind":"plain","optional":true},"rds":{"type":"string","description":"Use this to override the default endpoint URL constructed from the `region`. It's typically used to connect to custom RDS endpoints.","description_kind":"plain","optional":true},"redisa":{"type":"string","description":"Use this to override the default endpoint URL constructed from the `region`. It's typically used to connect to custom redisa endpoints.","description_kind":"plain","optional":true},"resourcemanager":{"type":"string","description":"Use this to override the default endpoint URL constructed from the `region`. It's typically used to connect to custom resourcemanager endpoints.","description_kind":"plain","optional":true},"resourcesharing":{"type":"string","description":"Use this to override the default endpoint URL constructed from the `region`. It's typically used to connect to custom resourcesharing endpoints.","description_kind":"plain","optional":true},"ros":{"type":"string","description":"Use this to override the default endpoint URL constructed from the `region`. It's typically used to connect to custom ros endpoints.","description_kind":"plain","optional":true},"serverless":{"type":"string","description":"Use this to override the default endpoint URL constructed from the `region`. It's typically used to connect to custom serverless endpoints.","description_kind":"plain","optional":true},"sgw":{"type":"string","description":"Use this to override the default endpoint URL constructed from the `region`. It's typically used to connect to custom sgw endpoints.","description_kind":"plain","optional":true},"slb":{"type":"string","description":"Use this to override the default endpoint URL constructed from the `region`. It's typically used to connect to custom SLB endpoints.","description_kind":"plain","optional":true},"sts":{"type":"string","description":"Use this to override the default endpoint URL constructed from the `region`. It's typically used to connect to custom STS endpoints.","description_kind":"plain","optional":true},"vpc":{"type":"string","description":"Use this to override the default endpoint URL constructed from the `region`. It's typically used to connect to custom VPC and VPN endpoints.","description_kind":"plain","optional":true},"waf_openapi":{"type":"string","description":"Use this to override the default endpoint URL constructed from the `region`. It's typically used to connect to custom waf_openapi endpoints.","description_kind":"plain","optional":true}},"description_kind":"plain"}}},"description_kind":"plain"}},"resource_schemas":{"alicloud_actiontrail":{"version":0,"block":{"attributes":{"event_rw":{"type":"string","description_kind":"plain","optional":true},"id":{"type":"string","description_kind":"plain","optional":true,"computed":true},"is_organization_trail":{"type":"bool","description_kind":"plain","optional":true},"mns_topic_arn":{"type":"string","description_kind":"plain","optional":true},"name":{"type":"string","description_kind":"plain","optional":true,"computed":true},"oss_bucket_name":{"type":"string","description_kind":"plain","optional":true},"oss_key_prefix":{"type":"string","description_kind":"plain","optional":true},"oss_write_role_arn":{"type":"string","description_kind":"plain","optional":true},"role_name":{"type":"string","description_kind":"plain","optional":true,"computed":true},"sls_project_arn":{"type":"string","description_kind":"plain","optional":true},"sls_write_role_arn":{"type":"string","description_kind":"plain","optional":true},"status":{"type":"string","description_kind":"plain","optional":true},"trail_name":{"type":"string","description_kind":"plain","optional":true,"computed":true},"trail_region":{"type":"string","description_kind":"plain","optional":true}},"block_types":{"timeouts":{"nesting_mode":"single","block":{"attributes":{"create":{"type":"string","description_kind":"plain","optional":true},"update":{"type":"string","description_kind":"plain","optional":true}},"description_kind":"plain"}}},"description_kind":"plain"}},"alicloud_actiontrail_trail":{"version":0,"block":{"attributes":{"event_rw":{"type":"string","description_kind":"plain","optional":true},"id":{"type":"string","description_kind":"plain","optional":true,"computed":true},"is_organization_trail":{"type":"bool","description_kind":"plain","optional":true},"mns_topic_arn":{"type":"string","description_kind":"plain","optional":true},"name":{"type":"string","description_kind":"plain","optional":true,"computed":true},"oss_bucket_name":{"type":"string","description_kind":"plain","optional":true},"oss_key_prefix":{"type":"string","description_kind":"plain","optional":true},"oss_write_role_arn":{"type":"string","description_kind":"plain","optional":true},"role_name":{"type":"string","description_kind":"plain","optional":true,"computed":true},"sls_project_arn":{"type":"string","description_kind":"plain","optional":true},"sls_write_role_arn":{"type":"string","description_kind":"plain","optional":true},"status":{"type":"string","description_kind":"plain","optional":true},"trail_name":{"type":"string","description_kind":"plain","optional":true,"computed":true},"trail_region":{"type":"string","description_kind":"plain","optional":true}},"block_types":{"timeouts":{"nesting_mode":"single","block":{"attributes":{"create":{"type":"string","description_kind":"plain","optional":true},"update":{"type":"string","description_kind":"plain","optional":true}},"description_kind":"plain"}}},"description_kind":"plain"}},"alicloud_adb_account":{"version":0,"block":{"attributes":{"account_description":{"type":"string","description_kind":"plain","optional":true},"account_name":{"type":"string","description_kind":"plain","required":true},"account_password":{"type":"string","description_kind":"plain","optional":true,"sensitive":true},"account_type":{"type":"string","description_kind":"plain","optional":true},"db_cluster_id":{"type":"string","description_kind":"plain","required":true},"id":{"type":"string","description_kind":"plain","optional":true,"computed":true},"kms_encrypted_password":{"type":"string","description_kind":"plain","optional":true},"kms_encryption_context":{"type":["map","string"],"description_kind":"plain","optional":true}},"description_kind":"plain"}},"alicloud_adb_backup_policy":{"version":0,"block":{"attributes":{"backup_retention_period":{"type":"string","description_kind":"plain","computed":true},"db_cluster_id":{"type":"string","description_kind":"plain","required":true},"id":{"type":"string","description_kind":"plain","optional":true,"computed":true},"preferred_backup_period":{"type":["set","string"],"description_kind":"plain","required":true},"preferred_backup_time":{"type":"string","description_kind":"plain","required":true}},"description_kind":"plain"}},"alicloud_adb_cluster":{"version":0,"block":{"attributes":{"auto_renew_period":{"type":"number","description_kind":"plain","optional":true},"compute_resource":{"type":"string","description_kind":"plain","optional":true},"connection_string":{"type":"string","description_kind":"plain","computed":true},"db_cluster_category":{"type":"string","description_kind":"plain","required":true},"db_cluster_class":{"type":"string","description_kind":"plain","optional":true},"db_cluster_version":{"type":"string","description_kind":"plain","optional":true},"db_node_class":{"type":"string","description_kind":"plain","optional":true,"computed":true},"db_node_count":{"type":"number","description_kind":"plain","optional":true,"computed":true},"db_node_storage":{"type":"number","description_kind":"plain","optional":true,"computed":true},"description":{"type":"string","description_kind":"plain","optional":true,"computed":true},"elastic_io_resource":{"type":"number","description_kind":"plain","optional":true},"id":{"type":"string","description_kind":"plain","optional":true,"computed":true},"maintain_time":{"type":"string","description_kind":"plain","optional":true,"computed":true},"mode":{"type":"string","description_kind":"plain","required":true},"modify_type":{"type":"string","description_kind":"plain","optional":true},"pay_type":{"type":"string","description_kind":"plain","optional":true,"computed":true},"payment_type":{"type":"string","description_kind":"plain","optional":true,"computed":true},"period":{"type":"number","description_kind":"plain","optional":true},"renewal_status":{"type":"string","description_kind":"plain","optional":true},"resource_group_id":{"type":"string","description_kind":"plain","optional":true,"computed":true},"security_ips":{"type":["set","string"],"description_kind":"plain","optional":true,"computed":true},"status":{"type":"string","description_kind":"plain","computed":true},"tags":{"type":["map","string"],"description_kind":"plain","optional":true},"vswitch_id":{"type":"string","description_kind":"plain","optional":true},"zone_id":{"type":"string","description_kind":"plain","optional":true,"computed":true}},"block_types":{"timeouts":{"nesting_mode":"single","block":{"attributes":{"create":{"type":"string","description_kind":"plain","optional":true},"delete":{"type":"string","description_kind":"plain","optional":true},"update":{"type":"string","description_kind":"plain","optional":true}},"description_kind":"plain"}}},"description_kind":"plain"}},"alicloud_adb_connection":{"version":0,"block":{"attributes":{"connection_prefix":{"type":"string","description_kind":"plain","optional":true,"computed":true},"connection_string":{"type":"string","description_kind":"plain","computed":true},"db_cluster_id":{"type":"string","description_kind":"plain","required":true},"id":{"type":"string","description_kind":"plain","optional":true,"computed":true},"ip_address":{"type":"string","description_kind":"plain","computed":true},"port":{"type":"string","description_kind":"plain","computed":true}},"description_kind":"plain"}},"alicloud_adb_db_cluster":{"version":0,"block":{"attributes":{"auto_renew_period":{"type":"number","description_kind":"plain","optional":true},"compute_resource":{"type":"string","description_kind":"plain","optional":true},"connection_string":{"type":"string","description_kind":"plain","computed":true},"db_cluster_category":{"type":"string","description_kind":"plain","required":true},"db_cluster_class":{"type":"string","description_kind":"plain","optional":true},"db_cluster_version":{"type":"string","description_kind":"plain","optional":true},"db_node_class":{"type":"string","description_kind":"plain","optional":true,"computed":true},"db_node_count":{"type":"number","description_kind":"plain","optional":true,"computed":true},"db_node_storage":{"type":"number","description_kind":"plain","optional":true,"computed":true},"description":{"type":"string","description_kind":"plain","optional":true,"computed":true},"elastic_io_resource":{"type":"number","description_kind":"plain","optional":true},"id":{"type":"string","description_kind":"plain","optional":true,"computed":true},"maintain_time":{"type":"string","description_kind":"plain","optional":true,"computed":true},"mode":{"type":"string","description_kind":"plain","required":true},"modify_type":{"type":"string","description_kind":"plain","optional":true},"pay_type":{"type":"string","description_kind":"plain","optional":true,"computed":true},"payment_type":{"type":"string","description_kind":"plain","optional":true,"computed":true},"period":{"type":"number","description_kind":"plain","optional":true},"renewal_status":{"type":"string","description_kind":"plain","optional":true},"resource_group_id":{"type":"string","description_kind":"plain","optional":true,"computed":true},"security_ips":{"type":["set","string"],"description_kind":"plain","optional":true,"computed":true},"status":{"type":"string","description_kind":"plain","computed":true},"tags":{"type":["map","string"],"description_kind":"plain","optional":true},"vswitch_id":{"type":"string","description_kind":"plain","optional":true},"zone_id":{"type":"string","description_kind":"plain","optional":true,"computed":true}},"block_types":{"timeouts":{"nesting_mode":"single","block":{"attributes":{"create":{"type":"string","description_kind":"plain","optional":true},"delete":{"type":"string","description_kind":"plain","optional":true},"update":{"type":"string","description_kind":"plain","optional":true}},"description_kind":"plain"}}},"description_kind":"plain"}},"alicloud_alb_security_policy":{"version":0,"block":{"attributes":{"ciphers":{"type":["list","string"],"description_kind":"plain","required":true},"dry_run":{"type":"bool","description_kind":"plain","optional":true},"id":{"type":"string","description_kind":"plain","optional":true,"computed":true},"resource_group_id":{"type":"string","description_kind":"plain","optional":true,"computed":true},"security_policy_name":{"type":"string","description_kind":"plain","required":true},"status":{"type":"string","description_kind":"plain","computed":true},"tags":{"type":["map","string"],"description_kind":"plain","optional":true},"tls_versions":{"type":["list","string"],"description_kind":"plain","required":true}},"block_types":{"timeouts":{"nesting_mode":"single","block":{"attributes":{"update":{"type":"string","description_kind":"plain","optional":true}},"description_kind":"plain"}}},"description_kind":"plain"}},"alicloud_alidns_domain":{"version":0,"block":{"attributes":{"dns_servers":{"type":["set","string"],"description_kind":"plain","computed":true},"domain_id":{"type":"string","description_kind":"plain","computed":true},"domain_name":{"type":"string","description_kind":"plain","required":true},"group_id":{"type":"string","description_kind":"plain","optional":true},"group_name":{"type":"string","description_kind":"plain","computed":true},"id":{"type":"string","description_kind":"plain","optional":true,"computed":true},"lang":{"type":"string","description_kind":"plain","optional":true},"puny_code":{"type":"string","description_kind":"plain","computed":true},"remark":{"type":"string","description_kind":"plain","optional":true},"resource_group_id":{"type":"string","description_kind":"plain","optional":true,"computed":true},"tags":{"type":["map","string"],"description_kind":"plain","optional":true}},"block_types":{"timeouts":{"nesting_mode":"single","block":{"attributes":{"delete":{"type":"string","description_kind":"plain","optional":true}},"description_kind":"plain"}}},"description_kind":"plain"}},"alicloud_alidns_domain_attachment":{"version":0,"block":{"attributes":{"domain_names":{"type":["set","string"],"description_kind":"plain","required":true},"id":{"type":"string","description_kind":"plain","optional":true,"computed":true},"instance_id":{"type":"string","description_kind":"plain","required":true}},"description_kind":"plain"}},"alicloud_alidns_domain_group":{"version":0,"block":{"attributes":{"domain_group_name":{"type":"string","description_kind":"plain","optional":true,"computed":true},"group_name":{"type":"string","description_kind":"plain","optional":true,"computed":true},"id":{"type":"string","description_kind":"plain","optional":true,"computed":true},"lang":{"type":"string","description_kind":"plain","optional":true}},"description_kind":"plain"}},"alicloud_alidns_instance":{"version":0,"block":{"attributes":{"dns_security":{"type":"string","description_kind":"plain","required":true},"domain_numbers":{"type":"string","description_kind":"plain","required":true},"id":{"type":"string","description_kind":"plain","optional":true,"computed":true},"payment_type":{"type":"string","description_kind":"plain","optional":true},"period":{"type":"number","description_kind":"plain","optional":true},"renew_period":{"type":"number","description_kind":"plain","optional":true},"renewal_status":{"type":"string","description_kind":"plain","optional":true,"computed":true},"version_code":{"type":"string","description_kind":"plain","required":true},"version_name":{"type":"string","description_kind":"plain","computed":true}},"description_kind":"plain"}},"alicloud_alidns_record":{"version":0,"block":{"attributes":{"domain_name":{"type":"string","description_kind":"plain","required":true},"id":{"type":"string","description_kind":"plain","optional":true,"computed":true},"lang":{"type":"string","description_kind":"plain","optional":true},"line":{"type":"string","description_kind":"plain","optional":true},"priority":{"type":"number","description_kind":"plain","optional":true},"remark":{"type":"string","description_kind":"plain","optional":true},"rr":{"type":"string","description_kind":"plain","required":true},"status":{"type":"string","description_kind":"plain","optional":true},"ttl":{"type":"number","description_kind":"plain","optional":true},"type":{"type":"string","description_kind":"plain","required":true},"user_client_ip":{"type":"string","description_kind":"plain","optional":true},"value":{"type":"string","description_kind":"plain","required":true}},"block_types":{"timeouts":{"nesting_mode":"single","block":{"attributes":{"create":{"type":"string","description_kind":"plain","optional":true},"delete":{"type":"string","description_kind":"plain","optional":true}},"description_kind":"plain"}}},"description_kind":"plain"}},"alicloud_alikafka_consumer_group":{"version":0,"block":{"attributes":{"consumer_id":{"type":"string","description_kind":"plain","required":true},"id":{"type":"string","description_kind":"plain","optional":true,"computed":true},"instance_id":{"type":"string","description_kind":"plain","required":true},"tags":{"type":["map","string"],"description_kind":"plain","optional":true}},"description_kind":"plain"}},"alicloud_alikafka_instance":{"version":0,"block":{"attributes":{"config":{"type":"string","description_kind":"plain","optional":true,"computed":true},"deploy_type":{"type":"number","description_kind":"plain","required":true},"disk_size":{"type":"number","description_kind":"plain","required":true},"disk_type":{"type":"number","description_kind":"plain","required":true},"eip_max":{"type":"number","description_kind":"plain","optional":true},"end_point":{"type":"string","description_kind":"plain","computed":true},"id":{"type":"string","description_kind":"plain","optional":true,"computed":true},"io_max":{"type":"number","description_kind":"plain","required":true},"name":{"type":"string","description_kind":"plain","optional":true,"computed":true},"paid_type":{"type":"string","description_kind":"plain","optional":true},"security_group":{"type":"string","description_kind":"plain","optional":true},"service_version":{"type":"string","description_kind":"plain","optional":true,"computed":true},"spec_type":{"type":"string","description_kind":"plain","optional":true},"tags":{"type":["map","string"],"description_kind":"plain","optional":true},"topic_quota":{"type":"number","description_kind":"plain","required":true},"vpc_id":{"type":"string","description_kind":"plain","computed":true},"vswitch_id":{"type":"string","description_kind":"plain","required":true},"zone_id":{"type":"string","description_kind":"plain","computed":true}},"description_kind":"plain"}},"alicloud_alikafka_sasl_acl":{"version":0,"block":{"attributes":{"acl_operation_type":{"type":"string","description_kind":"plain","required":true},"acl_resource_name":{"type":"string","description_kind":"plain","required":true},"acl_resource_pattern_type":{"type":"string","description_kind":"plain","required":true},"acl_resource_type":{"type":"string","description_kind":"plain","required":true},"host":{"type":"string","description_kind":"plain","computed":true},"id":{"type":"string","description_kind":"plain","optional":true,"computed":true},"instance_id":{"type":"string","description_kind":"plain","required":true},"username":{"type":"string","description_kind":"plain","required":true}},"description_kind":"plain"}},"alicloud_alikafka_sasl_user":{"version":0,"block":{"attributes":{"id":{"type":"string","description_kind":"plain","optional":true,"computed":true},"instance_id":{"type":"string","description_kind":"plain","required":true},"kms_encrypted_password":{"type":"string","description_kind":"plain","optional":true},"kms_encryption_context":{"type":["map","string"],"description_kind":"plain","optional":true},"password":{"type":"string","description_kind":"plain","optional":true,"sensitive":true},"username":{"type":"string","description_kind":"plain","required":true}},"description_kind":"plain"}},"alicloud_alikafka_topic":{"version":0,"block":{"attributes":{"compact_topic":{"type":"bool","description_kind":"plain","optional":true},"id":{"type":"string","description_kind":"plain","optional":true,"computed":true},"instance_id":{"type":"string","description_kind":"plain","required":true},"local_topic":{"type":"bool","description_kind":"plain","optional":true},"partition_num":{"type":"number","description_kind":"plain","optional":true},"remark":{"type":"string","description_kind":"plain","required":true},"tags":{"type":["map","string"],"description_kind":"plain","optional":true},"topic":{"type":"string","description_kind":"plain","required":true}},"block_types":{"timeouts":{"nesting_mode":"single","block":{"attributes":{"create":{"type":"string","description_kind":"plain","optional":true}},"description_kind":"plain"}}},"description_kind":"plain"}},"alicloud_amqp_exchange":{"version":0,"block":{"attributes":{"alternate_exchange":{"type":"string","description_kind":"plain","optional":true},"auto_delete_state":{"type":"bool","description_kind":"plain","required":true},"exchange_name":{"type":"string","description_kind":"plain","required":true},"exchange_type":{"type":"string","description_kind":"plain","required":true},"id":{"type":"string","description_kind":"plain","optional":true,"computed":true},"instance_id":{"type":"string","description_kind":"plain","required":true},"internal":{"type":"bool","description_kind":"plain","required":true},"virtual_host_name":{"type":"string","description_kind":"plain","required":true}},"description_kind":"plain"}},"alicloud_amqp_instance":{"version":0,"block":{"attributes":{"id":{"type":"string","description_kind":"plain","optional":true,"computed":true},"instance_type":{"type":"string","description_kind":"plain","required":true},"logistics":{"type":"string","description_kind":"plain","optional":true},"max_eip_tps":{"type":"string","description_kind":"plain","optional":true},"max_tps":{"type":"string","description_kind":"plain","required":true},"modify_type":{"type":"string","description_kind":"plain","optional":true},"payment_type":{"type":"string","description_kind":"plain","required":true},"period":{"type":"number","description_kind":"plain","optional":true},"queue_capacity":{"type":"string","description_kind":"plain","required":true},"renewal_duration":{"type":"number","description_kind":"plain","optional":true},"renewal_duration_unit":{"type":"string","description_kind":"plain","optional":true},"renewal_status":{"type":"string","description_kind":"plain","optional":true,"computed":true},"status":{"type":"string","description_kind":"plain","computed":true},"storage_size":{"type":"string","description_kind":"plain","optional":true},"support_eip":{"type":"bool","description_kind":"plain","required":true}},"block_types":{"timeouts":{"nesting_mode":"single","block":{"attributes":{"create":{"type":"string","description_kind":"plain","optional":true}},"description_kind":"plain"}}},"description_kind":"plain"}},"alicloud_amqp_queue":{"version":0,"block":{"attributes":{"auto_delete_state":{"type":"bool","description_kind":"plain","optional":true},"auto_expire_state":{"type":"string","description_kind":"plain","optional":true},"dead_letter_exchange":{"type":"string","description_kind":"plain","optional":true},"dead_letter_routing_key":{"type":"string","description_kind":"plain","optional":true},"exclusive_state":{"type":"bool","description_kind":"plain","optional":true},"id":{"type":"string","description_kind":"plain","optional":true,"computed":true},"instance_id":{"type":"string","description_kind":"plain","required":true},"max_length":{"type":"string","description_kind":"plain","optional":true},"maximum_priority":{"type":"number","description_kind":"plain","optional":true},"message_ttl":{"type":"string","description_kind":"plain","optional":true},"queue_name":{"type":"string","description_kind":"plain","required":true},"virtual_host_name":{"type":"string","description_kind":"plain","required":true}},"description_kind":"plain"}},"alicloud_amqp_virtual_host":{"version":0,"block":{"attributes":{"id":{"type":"string","description_kind":"plain","optional":true,"computed":true},"instance_id":{"type":"string","description_kind":"plain","required":true},"virtual_host_name":{"type":"string","description_kind":"plain","required":true}},"description_kind":"plain"}},"alicloud_api_gateway_api":{"version":0,"block":{"attributes":{"api_id":{"type":"string","description_kind":"plain","computed":true},"auth_type":{"type":"string","description_kind":"plain","required":true},"description":{"type":"string","description_kind":"plain","required":true},"group_id":{"type":"string","description_kind":"plain","required":true},"id":{"type":"string","description_kind":"plain","optional":true,"computed":true},"name":{"type":"string","description_kind":"plain","required":true},"service_type":{"type":"string","description_kind":"plain","required":true},"stage_names":{"type":["set","string"],"description_kind":"plain","optional":true}},"block_types":{"constant_parameters":{"nesting_mode":"set","block":{"attributes":{"description":{"type":"string","description_kind":"plain","optional":true},"in":{"type":"string","description_kind":"plain","required":true},"name":{"type":"string","description_kind":"plain","required":true},"value":{"type":"string","description_kind":"plain","required":true}},"description_kind":"plain"}},"fc_service_config":{"nesting_mode":"list","block":{"attributes":{"arn_role":{"type":"string","description_kind":"plain","optional":true},"function_name":{"type":"string","description_kind":"plain","required":true},"region":{"type":"string","description_kind":"plain","required":true},"service_name":{"type":"string","description_kind":"plain","required":true},"timeout":{"type":"number","description_kind":"plain","required":true}},"description_kind":"plain"},"max_items":1},"http_service_config":{"nesting_mode":"list","block":{"attributes":{"address":{"type":"string","description_kind":"plain","required":true},"aone_name":{"type":"string","description_kind":"plain","optional":true},"method":{"type":"string","description_kind":"plain","required":true},"path":{"type":"string","description_kind":"plain","required":true},"timeout":{"type":"number","description_kind":"plain","required":true}},"description_kind":"plain"},"max_items":1},"http_vpc_service_config":{"nesting_mode":"list","block":{"attributes":{"aone_name":{"type":"string","description_kind":"plain","optional":true},"method":{"type":"string","description_kind":"plain","required":true},"name":{"type":"string","description_kind":"plain","required":true},"path":{"type":"string","description_kind":"plain","required":true},"timeout":{"type":"number","description_kind":"plain","required":true}},"description_kind":"plain"},"max_items":1},"mock_service_config":{"nesting_mode":"list","block":{"attributes":{"aone_name":{"type":"string","description_kind":"plain","optional":true},"result":{"type":"string","description_kind":"plain","required":true}},"description_kind":"plain"},"max_items":1},"request_config":{"nesting_mode":"list","block":{"attributes":{"body_format":{"type":"string","description_kind":"plain","optional":true},"method":{"type":"string","description_kind":"plain","required":true},"mode":{"type":"string","description_kind":"plain","required":true},"path":{"type":"string","description_kind":"plain","required":true},"protocol":{"type":"string","description_kind":"plain","required":true}},"description_kind":"plain"},"min_items":1,"max_items":1},"request_parameters":{"nesting_mode":"set","block":{"attributes":{"default_value":{"type":"string","description_kind":"plain","optional":true},"description":{"type":"string","description_kind":"plain","optional":true},"in":{"type":"string","description_kind":"plain","required":true},"in_service":{"type":"string","description_kind":"plain","required":true},"name":{"type":"string","description_kind":"plain","required":true},"name_service":{"type":"string","description_kind":"plain","required":true},"required":{"type":"string","description_kind":"plain","required":true},"type":{"type":"string","description_kind":"plain","required":true}},"description_kind":"plain"}},"system_parameters":{"nesting_mode":"set","block":{"attributes":{"in":{"type":"string","description_kind":"plain","required":true},"name":{"type":"string","description_kind":"plain","required":true},"name_service":{"type":"string","description_kind":"plain","required":true}},"description_kind":"plain"}}},"description_kind":"plain"}},"alicloud_api_gateway_app":{"version":0,"block":{"attributes":{"description":{"type":"string","description_kind":"plain","optional":true},"id":{"type":"string","description_kind":"plain","optional":true,"computed":true},"name":{"type":"string","description_kind":"plain","required":true},"tags":{"type":["map","string"],"description_kind":"plain","optional":true}},"description_kind":"plain"}},"alicloud_api_gateway_app_attachment":{"version":0,"block":{"attributes":{"api_id":{"type":"string","description_kind":"plain","required":true},"app_id":{"type":"string","description_kind":"plain","required":true},"group_id":{"type":"string","description_kind":"plain","required":true},"id":{"type":"string","description_kind":"plain","optional":true,"computed":true},"stage_name":{"type":"string","description_kind":"plain","required":true}},"description_kind":"plain"}},"alicloud_api_gateway_group":{"version":0,"block":{"attributes":{"description":{"type":"string","description_kind":"plain","required":true},"id":{"type":"string","description_kind":"plain","optional":true,"computed":true},"name":{"type":"string","description_kind":"plain","required":true},"sub_domain":{"type":"string","description_kind":"plain","computed":true},"vpc_domain":{"type":"string","description_kind":"plain","computed":true}},"description_kind":"plain"}},"alicloud_api_gateway_vpc_access":{"version":0,"block":{"attributes":{"id":{"type":"string","description_kind":"plain","optional":true,"computed":true},"instance_id":{"type":"string","description_kind":"plain","required":true},"name":{"type":"string","description_kind":"plain","required":true},"port":{"type":"number","description_kind":"plain","required":true},"vpc_id":{"type":"string","description_kind":"plain","required":true}},"description_kind":"plain"}},"alicloud_arms_alert_contact":{"version":0,"block":{"attributes":{"alert_contact_name":{"type":"string","description_kind":"plain","optional":true},"ding_robot_webhook_url":{"type":"string","description_kind":"plain","optional":true},"email":{"type":"string","description_kind":"plain","optional":true},"id":{"type":"string","description_kind":"plain","optional":true,"computed":true},"phone_num":{"type":"string","description_kind":"plain","optional":true},"system_noc":{"type":"bool","description_kind":"plain","optional":true}},"description_kind":"plain"}},"alicloud_auto_provisioning_group":{"version":0,"block":{"attributes":{"auto_provisioning_group_name":{"type":"string","description_kind":"plain","optional":true,"computed":true},"auto_provisioning_group_type":{"type":"string","description_kind":"plain","optional":true},"default_target_capacity_type":{"type":"string","description_kind":"plain","optional":true},"description":{"type":"string","description_kind":"plain","optional":true},"excess_capacity_termination_policy":{"type":"string","description_kind":"plain","optional":true},"id":{"type":"string","description_kind":"plain","optional":true,"computed":true},"launch_template_id":{"type":"string","description_kind":"plain","required":true},"launch_template_version":{"type":"string","description_kind":"plain","optional":true,"computed":true},"max_spot_price":{"type":"number","description_kind":"plain","optional":true,"computed":true},"pay_as_you_go_allocation_strategy":{"type":"string","description_kind":"plain","optional":true},"pay_as_you_go_target_capacity":{"type":"string","description_kind":"plain","optional":true},"spot_allocation_strategy":{"type":"string","description_kind":"plain","optional":true},"spot_instance_interruption_behavior":{"type":"string","description_kind":"plain","optional":true},"spot_instance_pools_to_use_count":{"type":"number","description_kind":"plain","optional":true,"computed":true},"spot_target_capacity":{"type":"string","description_kind":"plain","optional":true},"terminate_instances":{"type":"bool","description_kind":"plain","optional":true},"terminate_instances_with_expiration":{"type":"bool","description_kind":"plain","optional":true},"total_target_capacity":{"type":"string","description_kind":"plain","required":true},"valid_from":{"type":"string","description_kind":"plain","optional":true,"computed":true},"valid_until":{"type":"string","description_kind":"plain","optional":true,"computed":true}},"block_types":{"launch_template_config":{"nesting_mode":"list","block":{"attributes":{"instance_type":{"type":"string","description_kind":"plain","optional":true},"max_price":{"type":"string","description_kind":"plain","required":true},"priority":{"type":"string","description_kind":"plain","optional":true,"computed":true},"vswitch_id":{"type":"string","description_kind":"plain","required":true},"weighted_capacity":{"type":"string","description_kind":"plain","required":true}},"description_kind":"plain"},"min_items":1}},"description_kind":"plain"}},"alicloud_brain_industrial_pid_loop":{"version":0,"block":{"attributes":{"id":{"type":"string","description_kind":"plain","optional":true,"computed":true},"pid_loop_configuration":{"type":"string","description_kind":"plain","required":true},"pid_loop_dcs_type":{"type":"string","description_kind":"plain","required":true},"pid_loop_desc":{"type":"string","description_kind":"plain","optional":true},"pid_loop_is_crucial":{"type":"bool","description_kind":"plain","required":true},"pid_loop_name":{"type":"string","description_kind":"plain","required":true},"pid_loop_type":{"type":"string","description_kind":"plain","required":true},"pid_project_id":{"type":"string","description_kind":"plain","required":true},"status":{"type":"string","description_kind":"plain","computed":true}},"description_kind":"plain"}},"alicloud_brain_industrial_pid_organization":{"version":0,"block":{"attributes":{"id":{"type":"string","description_kind":"plain","optional":true,"computed":true},"parent_pid_organization_id":{"type":"string","description_kind":"plain","optional":true},"pid_organization_name":{"type":"string","description_kind":"plain","required":true}},"description_kind":"plain"}},"alicloud_brain_industrial_pid_project":{"version":0,"block":{"attributes":{"id":{"type":"string","description_kind":"plain","optional":true,"computed":true},"pid_organization_id":{"type":"string","description_kind":"plain","required":true},"pid_project_desc":{"type":"string","description_kind":"plain","optional":true},"pid_project_name":{"type":"string","description_kind":"plain","required":true}},"description_kind":"plain"}},"alicloud_cas_certificate":{"version":0,"block":{"attributes":{"cert":{"type":"string","description_kind":"plain","required":true},"certificate_name":{"type":"string","description_kind":"plain","optional":true,"computed":true},"id":{"type":"string","description_kind":"plain","optional":true,"computed":true},"key":{"type":"string","description_kind":"plain","required":true},"lang":{"type":"string","description_kind":"plain","optional":true},"name":{"type":"string","description_kind":"plain","optional":true,"computed":true}},"description_kind":"plain"}},"alicloud_cassandra_backup_plan":{"version":0,"block":{"attributes":{"active":{"type":"bool","description_kind":"plain","optional":true,"computed":true},"backup_period":{"type":"string","description_kind":"plain","optional":true,"computed":true},"backup_time":{"type":"string","description_kind":"plain","required":true},"cluster_id":{"type":"string","description_kind":"plain","required":true},"data_center_id":{"type":"string","description_kind":"plain","required":true},"id":{"type":"string","description_kind":"plain","optional":true,"computed":true},"retention_period":{"type":"number","description_kind":"plain","optional":true,"computed":true}},"description_kind":"plain"}},"alicloud_cassandra_cluster":{"version":0,"block":{"attributes":{"auto_renew":{"type":"bool","description_kind":"plain","optional":true},"auto_renew_period":{"type":"number","description_kind":"plain","optional":true},"cluster_name":{"type":"string","description_kind":"plain","optional":true},"data_center_name":{"type":"string","description_kind":"plain","optional":true},"disk_size":{"type":"number","description_kind":"plain","optional":true},"disk_type":{"type":"string","description_kind":"plain","optional":true},"enable_public":{"type":"bool","description_kind":"plain","optional":true},"id":{"type":"string","description_kind":"plain","optional":true,"computed":true},"instance_type":{"type":"string","description_kind":"plain","required":true},"ip_white":{"type":"string","description_kind":"plain","optional":true,"computed":true},"maintain_end_time":{"type":"string","description_kind":"plain","optional":true},"maintain_start_time":{"type":"string","description_kind":"plain","optional":true},"major_version":{"type":"string","description_kind":"plain","required":true},"node_count":{"type":"number","description_kind":"plain","required":true},"password":{"type":"string","description_kind":"plain","optional":true,"sensitive":true},"pay_type":{"type":"string","description_kind":"plain","required":true},"period":{"type":"number","description_kind":"plain","optional":true},"period_unit":{"type":"string","description_kind":"plain","optional":true},"public_points":{"type":["list","string"],"description_kind":"plain","computed":true},"security_groups":{"type":["list","string"],"description_kind":"plain","optional":true,"computed":true},"status":{"type":"string","description_kind":"plain","computed":true},"tags":{"type":["map","string"],"description_kind":"plain","optional":true},"vswitch_id":{"type":"string","description_kind":"plain","required":true},"zone_id":{"type":"string","description_kind":"plain","optional":true,"computed":true}},"block_types":{"timeouts":{"nesting_mode":"single","block":{"attributes":{"create":{"type":"string","description_kind":"plain","optional":true},"delete":{"type":"string","description_kind":"plain","optional":true},"update":{"type":"string","description_kind":"plain","optional":true}},"description_kind":"plain"}}},"description_kind":"plain"}},"alicloud_cassandra_data_center":{"version":0,"block":{"attributes":{"auto_renew":{"type":"bool","description_kind":"plain","optional":true},"auto_renew_period":{"type":"number","description_kind":"plain","optional":true},"cluster_id":{"type":"string","description_kind":"plain","required":true},"data_center_id":{"type":"string","description_kind":"plain","computed":true},"data_center_name":{"type":"string","description_kind":"plain","optional":true},"disk_size":{"type":"number","description_kind":"plain","optional":true},"disk_type":{"type":"string","description_kind":"plain","optional":true},"enable_public":{"type":"bool","description_kind":"plain","optional":true},"id":{"type":"string","description_kind":"plain","optional":true,"computed":true},"instance_type":{"type":"string","description_kind":"plain","required":true},"node_count":{"type":"number","description_kind":"plain","required":true},"pay_type":{"type":"string","description_kind":"plain","required":true},"period":{"type":"number","description_kind":"plain","optional":true},"period_unit":{"type":"string","description_kind":"plain","optional":true},"public_points":{"type":["list","string"],"description_kind":"plain","computed":true},"status":{"type":"string","description_kind":"plain","computed":true},"vswitch_id":{"type":"string","description_kind":"plain","required":true},"zone_id":{"type":"string","description_kind":"plain","optional":true,"computed":true}},"block_types":{"timeouts":{"nesting_mode":"single","block":{"attributes":{"create":{"type":"string","description_kind":"plain","optional":true},"delete":{"type":"string","description_kind":"plain","optional":true},"update":{"type":"string","description_kind":"plain","optional":true}},"description_kind":"plain"}}},"description_kind":"plain"}},"alicloud_cdn_domain":{"version":0,"block":{"attributes":{"block_ips":{"type":["set","string"],"description_kind":"plain","optional":true},"cdn_type":{"type":"string","description_kind":"plain","required":true},"domain_name":{"type":"string","description_kind":"plain","required":true},"id":{"type":"string","description_kind":"plain","optional":true,"computed":true},"optimize_enable":{"type":"string","description_kind":"plain","optional":true},"page_compress_enable":{"type":"string","description_kind":"plain","optional":true},"range_enable":{"type":"string","description_kind":"plain","optional":true},"scope":{"type":"string","description_kind":"plain","optional":true,"computed":true},"source_port":{"type":"number","description_kind":"plain","optional":true},"source_type":{"type":"string","description_kind":"plain","optional":true},"sources":{"type":["set","string"],"description_kind":"plain","optional":true},"video_seek_enable":{"type":"string","description_kind":"plain","optional":true}},"block_types":{"auth_config":{"nesting_mode":"set","block":{"attributes":{"auth_type":{"type":"string","description_kind":"plain","optional":true},"master_key":{"type":"string","description_kind":"plain","optional":true,"computed":true},"slave_key":{"type":"string","description_kind":"plain","optional":true,"computed":true},"timeout":{"type":"number","description_kind":"plain","optional":true}},"description_kind":"plain"},"max_items":1},"cache_config":{"nesting_mode":"set","block":{"attributes":{"cache_content":{"type":"string","description_kind":"plain","required":true},"cache_id":{"type":"string","description_kind":"plain","computed":true},"cache_type":{"type":"string","description_kind":"plain","required":true},"ttl":{"type":"number","description_kind":"plain","required":true},"weight":{"type":"number","description_kind":"plain","optional":true}},"description_kind":"plain"}},"certificate_config":{"nesting_mode":"list","block":{"attributes":{"private_key":{"type":"string","description_kind":"plain","optional":true,"sensitive":true},"server_certificate":{"type":"string","description_kind":"plain","optional":true,"sensitive":true},"server_certificate_status":{"type":"string","description_kind":"plain","optional":true}},"description_kind":"plain"},"max_items":1},"http_header_config":{"nesting_mode":"set","block":{"attributes":{"header_id":{"type":"string","description_kind":"plain","computed":true},"header_key":{"type":"string","description_kind":"plain","required":true},"header_value":{"type":"string","description_kind":"plain","required":true}},"description_kind":"plain"},"max_items":10},"page_404_config":{"nesting_mode":"set","block":{"attributes":{"custom_page_url":{"type":"string","description_kind":"plain","optional":true},"error_code":{"type":"string","description_kind":"plain","computed":true},"page_type":{"type":"string","description_kind":"plain","optional":true}},"description_kind":"plain"},"max_items":1},"parameter_filter_config":{"nesting_mode":"set","block":{"attributes":{"enable":{"type":"string","description_kind":"plain","optional":true},"hash_key_args":{"type":["list","string"],"description_kind":"plain","optional":true,"computed":true}},"description_kind":"plain"},"max_items":1},"refer_config":{"nesting_mode":"set","block":{"attributes":{"allow_empty":{"type":"string","description_kind":"plain","optional":true},"refer_list":{"type":["list","string"],"description_kind":"plain","required":true},"refer_type":{"type":"string","description_kind":"plain","optional":true}},"description_kind":"plain"},"max_items":1}},"description_kind":"plain"}},"alicloud_cdn_domain_config":{"version":0,"block":{"attributes":{"domain_name":{"type":"string","description_kind":"plain","required":true},"function_name":{"type":"string","description_kind":"plain","required":true},"id":{"type":"string","description_kind":"plain","optional":true,"computed":true}},"block_types":{"function_args":{"nesting_mode":"set","block":{"attributes":{"arg_name":{"type":"string","description_kind":"plain","required":true},"arg_value":{"type":"string","description_kind":"plain","required":true}},"description_kind":"plain"},"min_items":1}},"description_kind":"plain"}},"alicloud_cdn_domain_new":{"version":0,"block":{"attributes":{"cdn_type":{"type":"string","description_kind":"plain","required":true},"cname":{"type":"string","description_kind":"plain","computed":true},"domain_name":{"type":"string","description_kind":"plain","required":true},"id":{"type":"string","description_kind":"plain","optional":true,"computed":true},"resource_group_id":{"type":"string","description_kind":"plain","optional":true,"computed":true},"scope":{"type":"string","description_kind":"plain","optional":true,"computed":true},"tags":{"type":["map","string"],"description_kind":"plain","optional":true}},"block_types":{"certificate_config":{"nesting_mode":"list","block":{"attributes":{"cert_name":{"type":"string","description_kind":"plain","optional":true},"cert_type":{"type":"string","description_kind":"plain","optional":true},"force_set":{"type":"string","description_kind":"plain","optional":true},"private_key":{"type":"string","description_kind":"plain","optional":true,"sensitive":true},"server_certificate":{"type":"string","description_kind":"plain","optional":true,"sensitive":true},"server_certificate_status":{"type":"string","description_kind":"plain","optional":true}},"description_kind":"plain"},"max_items":1},"sources":{"nesting_mode":"set","block":{"attributes":{"content":{"type":"string","description_kind":"plain","required":true},"port":{"type":"number","description_kind":"plain","optional":true},"priority":{"type":"number","description_kind":"plain","optional":true},"type":{"type":"string","description_kind":"plain","required":true},"weight":{"type":"number","description_kind":"plain","optional":true}},"description_kind":"plain"},"min_items":1}},"description_kind":"plain"}},"alicloud_cen_bandwidth_limit":{"version":0,"block":{"attributes":{"bandwidth_limit":{"type":"number","description_kind":"plain","required":true},"id":{"type":"string","description_kind":"plain","optional":true,"computed":true},"instance_id":{"type":"string","description_kind":"plain","required":true},"region_ids":{"type":["set","string"],"description_kind":"plain","required":true}},"block_types":{"timeouts":{"nesting_mode":"single","block":{"attributes":{"delete":{"type":"string","description_kind":"plain","optional":true},"update":{"type":"string","description_kind":"plain","optional":true}},"description_kind":"plain"}}},"description_kind":"plain"}},"alicloud_cen_bandwidth_package":{"version":0,"block":{"attributes":{"bandwidth":{"type":"number","description_kind":"plain","required":true},"cen_bandwidth_package_name":{"type":"string","description_kind":"plain","optional":true,"computed":true},"charge_type":{"type":"string","description_kind":"plain","optional":true,"computed":true},"description":{"type":"string","description_kind":"plain","optional":true},"expired_time":{"type":"string","description_kind":"plain","computed":true},"geographic_region_a_id":{"type":"string","description_kind":"plain","optional":true,"computed":true},"geographic_region_b_id":{"type":"string","description_kind":"plain","optional":true,"computed":true},"geographic_region_ids":{"type":["set","string"],"description_kind":"plain","optional":true,"computed":true},"id":{"type":"string","description_kind":"plain","optional":true,"computed":true},"name":{"type":"string","description_kind":"plain","optional":true,"computed":true},"payment_type":{"type":"string","description_kind":"plain","optional":true,"computed":true},"period":{"type":"number","description_kind":"plain","optional":true},"status":{"type":"string","description_kind":"plain","computed":true}},"block_types":{"timeouts":{"nesting_mode":"single","block":{"attributes":{"create":{"type":"string","description_kind":"plain","optional":true},"delete":{"type":"string","description_kind":"plain","optional":true},"update":{"type":"string","description_kind":"plain","optional":true}},"description_kind":"plain"}}},"description_kind":"plain"}},"alicloud_cen_bandwidth_package_attachment":{"version":0,"block":{"attributes":{"bandwidth_package_id":{"type":"string","description_kind":"plain","required":true},"id":{"type":"string","description_kind":"plain","optional":true,"computed":true},"instance_id":{"type":"string","description_kind":"plain","required":true}},"description_kind":"plain"}},"alicloud_cen_flowlog":{"version":0,"block":{"attributes":{"cen_id":{"type":"string","description_kind":"plain","required":true},"description":{"type":"string","description_kind":"plain","optional":true},"flow_log_name":{"type":"string","description_kind":"plain","optional":true},"id":{"type":"string","description_kind":"plain","optional":true,"computed":true},"log_store_name":{"type":"string","description_kind":"plain","required":true},"project_name":{"type":"string","description_kind":"plain","required":true},"status":{"type":"string","description_kind":"plain","optional":true}},"description_kind":"plain"}},"alicloud_cen_instance":{"version":0,"block":{"attributes":{"cen_instance_name":{"type":"string","description_kind":"plain","optional":true,"computed":true},"description":{"type":"string","description_kind":"plain","optional":true},"id":{"type":"string","description_kind":"plain","optional":true,"computed":true},"name":{"type":"string","description_kind":"plain","optional":true,"computed":true},"protection_level":{"type":"string","description_kind":"plain","optional":true,"computed":true},"status":{"type":"string","description_kind":"plain","computed":true},"tags":{"type":["map","string"],"description_kind":"plain","optional":true}},"block_types":{"timeouts":{"nesting_mode":"single","block":{"attributes":{"create":{"type":"string","description_kind":"plain","optional":true},"delete":{"type":"string","description_kind":"plain","optional":true}},"description_kind":"plain"}}},"description_kind":"plain"}},"alicloud_cen_instance_attachment":{"version":0,"block":{"attributes":{"cen_owner_id":{"type":"number","description_kind":"plain","optional":true},"child_instance_id":{"type":"string","description_kind":"plain","required":true},"child_instance_owner_id":{"type":"number","description_kind":"plain","optional":true,"computed":true},"child_instance_region_id":{"type":"string","description_kind":"plain","required":true},"child_instance_type":{"type":"string","description_kind":"plain","required":true},"id":{"type":"string","description_kind":"plain","optional":true,"computed":true},"instance_id":{"type":"string","description_kind":"plain","required":true},"status":{"type":"string","description_kind":"plain","computed":true}},"block_types":{"timeouts":{"nesting_mode":"single","block":{"attributes":{"create":{"type":"string","description_kind":"plain","optional":true},"delete":{"type":"string","description_kind":"plain","optional":true}},"description_kind":"plain"}}},"description_kind":"plain"}},"alicloud_cen_instance_grant":{"version":0,"block":{"attributes":{"cen_id":{"type":"string","description_kind":"plain","required":true},"cen_owner_id":{"type":"string","description_kind":"plain","required":true},"child_instance_id":{"type":"string","description_kind":"plain","required":true},"id":{"type":"string","description_kind":"plain","optional":true,"computed":true}},"description_kind":"plain"}},"alicloud_cen_private_zone":{"version":0,"block":{"attributes":{"access_region_id":{"type":"string","description_kind":"plain","required":true},"cen_id":{"type":"string","description_kind":"plain","required":true},"host_region_id":{"type":"string","description_kind":"plain","required":true},"host_vpc_id":{"type":"string","description_kind":"plain","required":true},"id":{"type":"string","description_kind":"plain","optional":true,"computed":true},"status":{"type":"string","description_kind":"plain","computed":true}},"block_types":{"timeouts":{"nesting_mode":"single","block":{"attributes":{"create":{"type":"string","description_kind":"plain","optional":true}},"description_kind":"plain"}}},"description_kind":"plain"}},"alicloud_cen_route_entry":{"version":0,"block":{"attributes":{"cidr_block":{"type":"string","description_kind":"plain","required":true},"id":{"type":"string","description_kind":"plain","optional":true,"computed":true},"instance_id":{"type":"string","description_kind":"plain","required":true},"route_table_id":{"type":"string","description_kind":"plain","required":true}},"description_kind":"plain"}},"alicloud_cen_route_map":{"version":0,"block":{"attributes":{"as_path_match_mode":{"type":"string","description_kind":"plain","optional":true},"cen_id":{"type":"string","description_kind":"plain","required":true},"cen_region_id":{"type":"string","description_kind":"plain","required":true},"cidr_match_mode":{"type":"string","description_kind":"plain","optional":true},"community_match_mode":{"type":"string","description_kind":"plain","optional":true},"community_operate_mode":{"type":"string","description_kind":"plain","optional":true},"description":{"type":"string","description_kind":"plain","optional":true},"destination_child_instance_types":{"type":["set","string"],"description_kind":"plain","optional":true},"destination_cidr_blocks":{"type":["set","string"],"description_kind":"plain","optional":true},"destination_instance_ids":{"type":["set","string"],"description_kind":"plain","optional":true},"destination_instance_ids_reverse_match":{"type":"bool","description_kind":"plain","optional":true},"destination_route_table_ids":{"type":["set","string"],"description_kind":"plain","optional":true},"id":{"type":"string","description_kind":"plain","optional":true,"computed":true},"map_result":{"type":"string","description_kind":"plain","required":true},"match_asns":{"type":["set","string"],"description_kind":"plain","optional":true},"match_community_set":{"type":["set","string"],"description_kind":"plain","optional":true},"next_priority":{"type":"number","description_kind":"plain","optional":true},"operate_community_set":{"type":["set","string"],"description_kind":"plain","optional":true},"preference":{"type":"number","description_kind":"plain","optional":true},"prepend_as_path":{"type":["set","string"],"description_kind":"plain","optional":true},"priority":{"type":"number","description_kind":"plain","required":true},"route_map_id":{"type":"string","description_kind":"plain","computed":true},"route_types":{"type":["set","string"],"description_kind":"plain","optional":true},"source_child_instance_types":{"type":["set","string"],"description_kind":"plain","optional":true},"source_instance_ids":{"type":["set","string"],"description_kind":"plain","optional":true},"source_instance_ids_reverse_match":{"type":"bool","description_kind":"plain","optional":true},"source_region_ids":{"type":["set","string"],"description_kind":"plain","optional":true},"source_route_table_ids":{"type":["set","string"],"description_kind":"plain","optional":true},"status":{"type":"string","description_kind":"plain","computed":true},"transmit_direction":{"type":"string","description_kind":"plain","required":true}},"block_types":{"timeouts":{"nesting_mode":"single","block":{"attributes":{"create":{"type":"string","description_kind":"plain","optional":true}},"description_kind":"plain"}}},"description_kind":"plain"}},"alicloud_cen_route_service":{"version":0,"block":{"attributes":{"access_region_id":{"type":"string","description_kind":"plain","required":true},"cen_id":{"type":"string","description_kind":"plain","required":true},"description":{"type":"string","description_kind":"plain","optional":true},"host":{"type":"string","description_kind":"plain","required":true},"host_region_id":{"type":"string","description_kind":"plain","required":true},"host_vpc_id":{"type":"string","description_kind":"plain","required":true},"id":{"type":"string","description_kind":"plain","optional":true,"computed":true},"status":{"type":"string","description_kind":"plain","computed":true}},"block_types":{"timeouts":{"nesting_mode":"single","block":{"attributes":{"create":{"type":"string","description_kind":"plain","optional":true},"delete":{"type":"string","description_kind":"plain","optional":true}},"description_kind":"plain"}}},"description_kind":"plain"}},"alicloud_cen_transit_router":{"version":0,"block":{"attributes":{"cen_id":{"type":"string","description_kind":"plain","required":true},"dry_run":{"type":"bool","description_kind":"plain","optional":true},"id":{"type":"string","description_kind":"plain","optional":true,"computed":true},"status":{"type":"string","description_kind":"plain","computed":true},"transit_router_description":{"type":"string","description_kind":"plain","optional":true},"transit_router_id":{"type":"string","description_kind":"plain","computed":true},"transit_router_name":{"type":"string","description_kind":"plain","optional":true},"type":{"type":"string","description_kind":"plain","computed":true}},"block_types":{"timeouts":{"nesting_mode":"single","block":{"attributes":{"create":{"type":"string","description_kind":"plain","optional":true},"delete":{"type":"string","description_kind":"plain","optional":true},"update":{"type":"string","description_kind":"plain","optional":true}},"description_kind":"plain"}}},"description_kind":"plain"}},"alicloud_cen_transit_router_peer_attachment":{"version":0,"block":{"attributes":{"auto_publish_route_enabled":{"type":"bool","description_kind":"plain","optional":true},"bandwidth":{"type":"number","description_kind":"plain","optional":true},"cen_bandwidth_package_id":{"type":"string","description_kind":"plain","optional":true},"cen_id":{"type":"string","description_kind":"plain","required":true},"dry_run":{"type":"bool","description_kind":"plain","optional":true},"id":{"type":"string","description_kind":"plain","optional":true,"computed":true},"peer_transit_router_id":{"type":"string","description_kind":"plain","required":true},"peer_transit_router_region_id":{"type":"string","description_kind":"plain","required":true},"resource_type":{"type":"string","description_kind":"plain","optional":true},"route_table_association_enabled":{"type":"bool","description_kind":"plain","optional":true},"route_table_propagation_enabled":{"type":"bool","description_kind":"plain","optional":true},"status":{"type":"string","description_kind":"plain","computed":true},"transit_router_attachment_description":{"type":"string","description_kind":"plain","optional":true},"transit_router_attachment_id":{"type":"string","description_kind":"plain","computed":true},"transit_router_attachment_name":{"type":"string","description_kind":"plain","optional":true},"transit_router_id":{"type":"string","description_kind":"plain","optional":true}},"block_types":{"timeouts":{"nesting_mode":"single","block":{"attributes":{"create":{"type":"string","description_kind":"plain","optional":true},"delete":{"type":"string","description_kind":"plain","optional":true},"update":{"type":"string","description_kind":"plain","optional":true}},"description_kind":"plain"}}},"description_kind":"plain"}},"alicloud_cen_transit_router_route_entry":{"version":0,"block":{"attributes":{"dry_run":{"type":"bool","description_kind":"plain","optional":true},"id":{"type":"string","description_kind":"plain","optional":true,"computed":true},"status":{"type":"string","description_kind":"plain","computed":true},"transit_router_route_entry_description":{"type":"string","description_kind":"plain","optional":true},"transit_router_route_entry_destination_cidr_block":{"type":"string","description_kind":"plain","required":true},"transit_router_route_entry_id":{"type":"string","description_kind":"plain","computed":true},"transit_router_route_entry_name":{"type":"string","description_kind":"plain","optional":true},"transit_router_route_entry_next_hop_id":{"type":"string","description_kind":"plain","optional":true},"transit_router_route_entry_next_hop_type":{"type":"string","description_kind":"plain","required":true},"transit_router_route_table_id":{"type":"string","description_kind":"plain","required":true}},"block_types":{"timeouts":{"nesting_mode":"single","block":{"attributes":{"create":{"type":"string","description_kind":"plain","optional":true},"delete":{"type":"string","description_kind":"plain","optional":true},"update":{"type":"string","description_kind":"plain","optional":true}},"description_kind":"plain"}}},"description_kind":"plain"}},"alicloud_cen_transit_router_route_table":{"version":0,"block":{"attributes":{"dry_run":{"type":"bool","description_kind":"plain","optional":true},"id":{"type":"string","description_kind":"plain","optional":true,"computed":true},"status":{"type":"string","description_kind":"plain","computed":true},"transit_router_id":{"type":"string","description_kind":"plain","required":true},"transit_router_route_table_description":{"type":"string","description_kind":"plain","optional":true,"computed":true},"transit_router_route_table_id":{"type":"string","description_kind":"plain","computed":true},"transit_router_route_table_name":{"type":"string","description_kind":"plain","optional":true},"transit_router_route_table_type":{"type":"string","description_kind":"plain","computed":true}},"block_types":{"timeouts":{"nesting_mode":"single","block":{"attributes":{"create":{"type":"string","description_kind":"plain","optional":true},"delete":{"type":"string","description_kind":"plain","optional":true},"update":{"type":"string","description_kind":"plain","optional":true}},"description_kind":"plain"}}},"description_kind":"plain"}},"alicloud_cen_transit_router_route_table_association":{"version":0,"block":{"attributes":{"dry_run":{"type":"bool","description_kind":"plain","optional":true},"id":{"type":"string","description_kind":"plain","optional":true,"computed":true},"status":{"type":"string","description_kind":"plain","computed":true},"transit_router_attachment_id":{"type":"string","description_kind":"plain","required":true},"transit_router_route_table_id":{"type":"string","description_kind":"plain","required":true}},"block_types":{"timeouts":{"nesting_mode":"single","block":{"attributes":{"create":{"type":"string","description_kind":"plain","optional":true},"delete":{"type":"string","description_kind":"plain","optional":true}},"description_kind":"plain"}}},"description_kind":"plain"}},"alicloud_cen_transit_router_route_table_propagation":{"version":0,"block":{"attributes":{"dry_run":{"type":"bool","description_kind":"plain","optional":true},"id":{"type":"string","description_kind":"plain","optional":true,"computed":true},"status":{"type":"string","description_kind":"plain","computed":true},"transit_router_attachment_id":{"type":"string","description_kind":"plain","required":true},"transit_router_route_table_id":{"type":"string","description_kind":"plain","required":true}},"block_types":{"timeouts":{"nesting_mode":"single","block":{"attributes":{"create":{"type":"string","description_kind":"plain","optional":true},"delete":{"type":"string","description_kind":"plain","optional":true}},"description_kind":"plain"}}},"description_kind":"plain"}},"alicloud_cen_transit_router_vbr_attachment":{"version":0,"block":{"attributes":{"auto_publish_route_enabled":{"type":"bool","description_kind":"plain","optional":true,"computed":true},"cen_id":{"type":"string","description_kind":"plain","required":true},"dry_run":{"type":"bool","description_kind":"plain","optional":true},"id":{"type":"string","description_kind":"plain","optional":true,"computed":true},"resource_type":{"type":"string","description_kind":"plain","optional":true},"route_table_association_enabled":{"type":"bool","description_kind":"plain","optional":true},"route_table_propagation_enabled":{"type":"bool","description_kind":"plain","optional":true},"status":{"type":"string","description_kind":"plain","computed":true},"transit_router_attachment_description":{"type":"string","description_kind":"plain","optional":true},"transit_router_attachment_id":{"type":"string","description_kind":"plain","computed":true},"transit_router_attachment_name":{"type":"string","description_kind":"plain","optional":true},"transit_router_id":{"type":"string","description_kind":"plain","optional":true},"vbr_id":{"type":"string","description_kind":"plain","required":true},"vbr_owner_id":{"type":"string","description_kind":"plain","optional":true,"computed":true}},"block_types":{"timeouts":{"nesting_mode":"single","block":{"attributes":{"create":{"type":"string","description_kind":"plain","optional":true},"delete":{"type":"string","description_kind":"plain","optional":true},"update":{"type":"string","description_kind":"plain","optional":true}},"description_kind":"plain"}}},"description_kind":"plain"}},"alicloud_cen_transit_router_vpc_attachment":{"version":0,"block":{"attributes":{"auto_create_vpc_route":{"type":"bool","description_kind":"plain","optional":true},"cen_id":{"type":"string","description_kind":"plain","required":true},"dry_run":{"type":"bool","description_kind":"plain","optional":true},"id":{"type":"string","description_kind":"plain","optional":true,"computed":true},"resource_type":{"type":"string","description_kind":"plain","optional":true},"route_table_association_enabled":{"type":"bool","description_kind":"plain","optional":true},"route_table_propagation_enabled":{"type":"bool","description_kind":"plain","optional":true},"status":{"type":"string","description_kind":"plain","computed":true},"transit_router_attachment_description":{"type":"string","description_kind":"plain","optional":true},"transit_router_attachment_id":{"type":"string","description_kind":"plain","computed":true},"transit_router_attachment_name":{"type":"string","description_kind":"plain","optional":true},"transit_router_id":{"type":"string","description_kind":"plain","optional":true},"vpc_id":{"type":"string","description_kind":"plain","required":true},"vpc_owner_id":{"type":"string","description_kind":"plain","optional":true,"computed":true}},"block_types":{"timeouts":{"nesting_mode":"single","block":{"attributes":{"create":{"type":"string","description_kind":"plain","optional":true},"delete":{"type":"string","description_kind":"plain","optional":true},"update":{"type":"string","description_kind":"plain","optional":true}},"description_kind":"plain"}},"zone_mappings":{"nesting_mode":"list","block":{"attributes":{"vswitch_id":{"type":"string","description_kind":"plain","optional":true},"zone_id":{"type":"string","description_kind":"plain","optional":true}},"description_kind":"plain"},"min_items":1}},"description_kind":"plain"}},"alicloud_cen_vbr_health_check":{"version":0,"block":{"attributes":{"cen_id":{"type":"string","description_kind":"plain","required":true},"health_check_interval":{"type":"number","description_kind":"plain","optional":true},"health_check_source_ip":{"type":"string","description_kind":"plain","optional":true},"health_check_target_ip":{"type":"string","description_kind":"plain","required":true},"healthy_threshold":{"type":"number","description_kind":"plain","optional":true},"id":{"type":"string","description_kind":"plain","optional":true,"computed":true},"vbr_instance_id":{"type":"string","description_kind":"plain","required":true},"vbr_instance_owner_id":{"type":"number","description_kind":"plain","optional":true},"vbr_instance_region_id":{"type":"string","description_kind":"plain","required":true}},"block_types":{"timeouts":{"nesting_mode":"single","block":{"attributes":{"create":{"type":"string","description_kind":"plain","optional":true},"delete":{"type":"string","description_kind":"plain","optional":true},"update":{"type":"string","description_kind":"plain","optional":true}},"description_kind":"plain"}}},"description_kind":"plain"}},"alicloud_cloud_connect_network":{"version":0,"block":{"attributes":{"cidr_block":{"type":"string","description_kind":"plain","optional":true},"description":{"type":"string","description_kind":"plain","optional":true},"id":{"type":"string","description_kind":"plain","optional":true,"computed":true},"is_default":{"type":"bool","description_kind":"plain","required":true},"name":{"type":"string","description_kind":"plain","optional":true}},"description_kind":"plain"}},"alicloud_cloud_connect_network_attachment":{"version":0,"block":{"attributes":{"ccn_id":{"type":"string","description_kind":"plain","required":true},"id":{"type":"string","description_kind":"plain","optional":true,"computed":true},"sag_id":{"type":"string","description_kind":"plain","required":true}},"description_kind":"plain"}},"alicloud_cloud_connect_network_grant":{"version":0,"block":{"attributes":{"ccn_id":{"type":"string","description_kind":"plain","required":true},"cen_id":{"type":"string","description_kind":"plain","required":true},"cen_uid":{"type":"string","description_kind":"plain","required":true},"id":{"type":"string","description_kind":"plain","optional":true,"computed":true}},"description_kind":"plain"}},"alicloud_cloud_firewall_control_policy":{"version":0,"block":{"attributes":{"acl_action":{"type":"string","description_kind":"plain","required":true},"acl_uuid":{"type":"string","description_kind":"plain","computed":true},"application_name":{"type":"string","description_kind":"plain","required":true},"description":{"type":"string","description_kind":"plain","required":true},"dest_port":{"type":"string","description_kind":"plain","optional":true,"computed":true},"dest_port_group":{"type":"string","description_kind":"plain","optional":true,"computed":true},"dest_port_type":{"type":"string","description_kind":"plain","optional":true,"computed":true},"destination":{"type":"string","description_kind":"plain","required":true},"destination_type":{"type":"string","description_kind":"plain","required":true},"direction":{"type":"string","description_kind":"plain","required":true},"id":{"type":"string","description_kind":"plain","optional":true,"computed":true},"ip_version":{"type":"string","description_kind":"plain","optional":true},"lang":{"type":"string","description_kind":"plain","optional":true},"proto":{"type":"string","description_kind":"plain","required":true},"release":{"type":"string","description_kind":"plain","optional":true,"computed":true},"source":{"type":"string","description_kind":"plain","required":true},"source_ip":{"type":"string","description_kind":"plain","optional":true,"computed":true},"source_type":{"type":"string","description_kind":"plain","required":true}},"description_kind":"plain"}},"alicloud_cloud_firewall_control_policy_order":{"version":0,"block":{"attributes":{"acl_uuid":{"type":"string","description_kind":"plain","required":true},"direction":{"type":"string","description_kind":"plain","required":true},"id":{"type":"string","description_kind":"plain","optional":true,"computed":true},"order":{"type":"number","description_kind":"plain","optional":true}},"description_kind":"plain"}},"alicloud_cloud_storage_gateway_storage_bundle":{"version":0,"block":{"attributes":{"description":{"type":"string","description_kind":"plain","optional":true},"id":{"type":"string","description_kind":"plain","optional":true,"computed":true},"storage_bundle_name":{"type":"string","description_kind":"plain","required":true}},"description_kind":"plain"}},"alicloud_cms_alarm":{"version":0,"block":{"attributes":{"contact_groups":{"type":["list","string"],"description_kind":"plain","required":true},"dimensions":{"type":["map","string"],"description_kind":"plain","required":true},"effective_interval":{"type":"string","description_kind":"plain","optional":true},"enabled":{"type":"bool","description_kind":"plain","optional":true},"end_time":{"type":"number","description_kind":"plain","optional":true},"id":{"type":"string","description_kind":"plain","optional":true,"computed":true},"metric":{"type":"string","description_kind":"plain","required":true},"name":{"type":"string","description_kind":"plain","required":true},"notify_type":{"type":"number","description_kind":"plain","optional":true},"operator":{"type":"string","description_kind":"plain","optional":true,"computed":true},"period":{"type":"number","description_kind":"plain","optional":true},"project":{"type":"string","description_kind":"plain","required":true},"silence_time":{"type":"number","description_kind":"plain","optional":true},"start_time":{"type":"number","description_kind":"plain","optional":true},"statistics":{"type":"string","description_kind":"plain","optional":true,"computed":true},"status":{"type":"string","description_kind":"plain","computed":true},"threshold":{"type":"string","description_kind":"plain","optional":true,"computed":true},"triggered_count":{"type":"number","description_kind":"plain","optional":true,"computed":true},"webhook":{"type":"string","description_kind":"plain","optional":true}},"block_types":{"escalations_critical":{"nesting_mode":"list","block":{"attributes":{"comparison_operator":{"type":"string","description_kind":"plain","optional":true},"statistics":{"type":"string","description_kind":"plain","optional":true},"threshold":{"type":"string","description_kind":"plain","optional":true},"times":{"type":"number","description_kind":"plain","optional":true}},"description_kind":"plain"},"max_items":1},"escalations_info":{"nesting_mode":"list","block":{"attributes":{"comparison_operator":{"type":"string","description_kind":"plain","optional":true},"statistics":{"type":"string","description_kind":"plain","optional":true},"threshold":{"type":"string","description_kind":"plain","optional":true},"times":{"type":"number","description_kind":"plain","optional":true}},"description_kind":"plain"},"max_items":1},"escalations_warn":{"nesting_mode":"list","block":{"attributes":{"comparison_operator":{"type":"string","description_kind":"plain","optional":true},"statistics":{"type":"string","description_kind":"plain","optional":true},"threshold":{"type":"string","description_kind":"plain","optional":true},"times":{"type":"number","description_kind":"plain","optional":true}},"description_kind":"plain"},"max_items":1}},"description_kind":"plain"}},"alicloud_cms_alarm_contact":{"version":0,"block":{"attributes":{"alarm_contact_name":{"type":"string","description_kind":"plain","required":true},"channels_aliim":{"type":"string","description_kind":"plain","optional":true},"channels_ding_web_hook":{"type":"string","description_kind":"plain","optional":true},"channels_mail":{"type":"string","description_kind":"plain","optional":true},"channels_sms":{"type":"string","description_kind":"plain","optional":true},"describe":{"type":"string","description_kind":"plain","required":true},"id":{"type":"string","description_kind":"plain","optional":true,"computed":true},"lang":{"type":"string","description_kind":"plain","optional":true}},"description_kind":"plain"}},"alicloud_cms_alarm_contact_group":{"version":0,"block":{"attributes":{"alarm_contact_group_name":{"type":"string","description_kind":"plain","required":true},"contacts":{"type":["set","string"],"description_kind":"plain","optional":true},"describe":{"type":"string","description_kind":"plain","optional":true},"enable_subscribed":{"type":"bool","description_kind":"plain","optional":true,"computed":true},"id":{"type":"string","description_kind":"plain","optional":true,"computed":true}},"description_kind":"plain"}},"alicloud_cms_group_metric_rule":{"version":0,"block":{"attributes":{"category":{"type":"string","description_kind":"plain","required":true},"contact_groups":{"type":"string","description_kind":"plain","optional":true,"computed":true},"dimensions":{"type":"string","description_kind":"plain","optional":true,"computed":true},"effective_interval":{"type":"string","description_kind":"plain","optional":true},"email_subject":{"type":"string","description_kind":"plain","optional":true,"computed":true},"group_id":{"type":"string","description_kind":"plain","required":true},"group_metric_rule_name":{"type":"string","description_kind":"plain","required":true},"id":{"type":"string","description_kind":"plain","optional":true,"computed":true},"interval":{"type":"string","description_kind":"plain","optional":true},"metric_name":{"type":"string","description_kind":"plain","required":true},"namespace":{"type":"string","description_kind":"plain","required":true},"no_effective_interval":{"type":"string","description_kind":"plain","optional":true},"period":{"type":"number","description_kind":"plain","optional":true},"rule_id":{"type":"string","description_kind":"plain","required":true},"silence_time":{"type":"number","description_kind":"plain","optional":true},"status":{"type":"string","description_kind":"plain","computed":true},"webhook":{"type":"string","description_kind":"plain","optional":true}},"block_types":{"escalations":{"nesting_mode":"set","block":{"block_types":{"critical":{"nesting_mode":"set","block":{"attributes":{"comparison_operator":{"type":"string","description_kind":"plain","optional":true},"statistics":{"type":"string","description_kind":"plain","optional":true},"threshold":{"type":"string","description_kind":"plain","optional":true},"times":{"type":"number","description_kind":"plain","optional":true}},"description_kind":"plain"},"max_items":1},"info":{"nesting_mode":"set","block":{"attributes":{"comparison_operator":{"type":"string","description_kind":"plain","optional":true},"statistics":{"type":"string","description_kind":"plain","optional":true},"threshold":{"type":"string","description_kind":"plain","optional":true},"times":{"type":"number","description_kind":"plain","optional":true}},"description_kind":"plain"},"max_items":1},"warn":{"nesting_mode":"set","block":{"attributes":{"comparison_operator":{"type":"string","description_kind":"plain","optional":true},"statistics":{"type":"string","description_kind":"plain","optional":true},"threshold":{"type":"string","description_kind":"plain","optional":true},"times":{"type":"number","description_kind":"plain","optional":true}},"description_kind":"plain"},"max_items":1}},"description_kind":"plain"},"min_items":1,"max_items":1},"timeouts":{"nesting_mode":"single","block":{"attributes":{"create":{"type":"string","description_kind":"plain","optional":true},"update":{"type":"string","description_kind":"plain","optional":true}},"description_kind":"plain"}}},"description_kind":"plain"}},"alicloud_cms_monitor_group":{"version":0,"block":{"attributes":{"contact_groups":{"type":["list","string"],"description_kind":"plain","optional":true},"id":{"type":"string","description_kind":"plain","optional":true,"computed":true},"monitor_group_name":{"type":"string","description_kind":"plain","required":true},"tags":{"type":["map","string"],"description_kind":"plain","optional":true}},"description_kind":"plain"}},"alicloud_cms_monitor_group_instances":{"version":0,"block":{"attributes":{"group_id":{"type":"string","description_kind":"plain","required":true},"id":{"type":"string","description_kind":"plain","optional":true,"computed":true}},"block_types":{"instances":{"nesting_mode":"set","block":{"attributes":{"category":{"type":"string","description_kind":"plain","required":true},"instance_id":{"type":"string","description_kind":"plain","required":true},"instance_name":{"type":"string","description_kind":"plain","required":true},"region_id":{"type":"string","description_kind":"plain","required":true}},"description_kind":"plain"},"min_items":1}},"description_kind":"plain"}},"alicloud_cms_site_monitor":{"version":0,"block":{"attributes":{"address":{"type":"string","description_kind":"plain","required":true},"alert_ids":{"type":["list","string"],"description_kind":"plain","optional":true},"create_time":{"type":"string","description_kind":"plain","computed":true},"id":{"type":"string","description_kind":"plain","optional":true,"computed":true},"interval":{"type":"number","description_kind":"plain","optional":true},"options_json":{"type":"string","description_kind":"plain","optional":true},"task_name":{"type":"string","description_kind":"plain","required":true},"task_state":{"type":"string","description_kind":"plain","computed":true},"task_type":{"type":"string","description_kind":"plain","required":true},"update_time":{"type":"string","description_kind":"plain","computed":true}},"block_types":{"isp_cities":{"nesting_mode":"set","block":{"attributes":{"city":{"type":"string","description_kind":"plain","required":true},"isp":{"type":"string","description_kind":"plain","required":true}},"description_kind":"plain"}}},"description_kind":"plain"}},"alicloud_common_bandwidth_package":{"version":0,"block":{"attributes":{"bandwidth":{"type":"string","description_kind":"plain","required":true},"bandwidth_package_name":{"type":"string","description_kind":"plain","optional":true,"computed":true},"deletion_protection":{"type":"bool","description_kind":"plain","optional":true,"computed":true},"description":{"type":"string","description_kind":"plain","optional":true},"force":{"type":"string","description_kind":"plain","optional":true},"id":{"type":"string","description_kind":"plain","optional":true,"computed":true},"internet_charge_type":{"type":"string","description_kind":"plain","optional":true},"isp":{"type":"string","description_kind":"plain","optional":true},"name":{"type":"string","description_kind":"plain","optional":true,"computed":true},"ratio":{"type":"number","description_kind":"plain","optional":true},"resource_group_id":{"type":"string","description_kind":"plain","optional":true,"computed":true},"status":{"type":"string","description_kind":"plain","computed":true},"zone":{"type":"string","description_kind":"plain","optional":true}},"block_types":{"timeouts":{"nesting_mode":"single","block":{"attributes":{"create":{"type":"string","description_kind":"plain","optional":true},"delete":{"type":"string","description_kind":"plain","optional":true}},"description_kind":"plain"}}},"description_kind":"plain"}},"alicloud_common_bandwidth_package_attachment":{"version":0,"block":{"attributes":{"bandwidth_package_id":{"type":"string","description_kind":"plain","required":true},"id":{"type":"string","description_kind":"plain","optional":true,"computed":true},"instance_id":{"type":"string","description_kind":"plain","required":true}},"description_kind":"plain"}},"alicloud_config_aggregate_compliance_pack":{"version":0,"block":{"attributes":{"aggregate_compliance_pack_name":{"type":"string","description_kind":"plain","required":true},"aggregator_id":{"type":"string","description_kind":"plain","required":true},"compliance_pack_template_id":{"type":"string","description_kind":"plain","required":true},"description":{"type":"string","description_kind":"plain","required":true},"id":{"type":"string","description_kind":"plain","optional":true,"computed":true},"risk_level":{"type":"number","description_kind":"plain","required":true},"status":{"type":"string","description_kind":"plain","computed":true}},"block_types":{"config_rules":{"nesting_mode":"set","block":{"attributes":{"managed_rule_identifier":{"type":"string","description_kind":"plain","required":true}},"block_types":{"config_rule_parameters":{"nesting_mode":"set","block":{"attributes":{"parameter_name":{"type":"string","description_kind":"plain","required":true},"parameter_value":{"type":"string","description_kind":"plain","required":true}},"description_kind":"plain"},"min_items":1}},"description_kind":"plain"},"min_items":1},"timeouts":{"nesting_mode":"single","block":{"attributes":{"create":{"type":"string","description_kind":"plain","optional":true},"update":{"type":"string","description_kind":"plain","optional":true}},"description_kind":"plain"}}},"description_kind":"plain"}},"alicloud_config_aggregate_config_rule":{"version":0,"block":{"attributes":{"aggregate_config_rule_name":{"type":"string","description_kind":"plain","required":true},"aggregator_id":{"type":"string","description_kind":"plain","required":true},"config_rule_trigger_types":{"type":"string","description_kind":"plain","required":true},"description":{"type":"string","description_kind":"plain","optional":true},"exclude_resource_ids_scope":{"type":"string","description_kind":"plain","optional":true},"id":{"type":"string","description_kind":"plain","optional":true,"computed":true},"input_parameters":{"type":["map","string"],"description_kind":"plain","optional":true},"maximum_execution_frequency":{"type":"string","description_kind":"plain","optional":true,"computed":true},"region_ids_scope":{"type":"string","description_kind":"plain","optional":true},"resource_group_ids_scope":{"type":"string","description_kind":"plain","optional":true},"resource_types_scope":{"type":["list","string"],"description_kind":"plain","required":true},"risk_level":{"type":"number","description_kind":"plain","required":true},"source_identifier":{"type":"string","description_kind":"plain","required":true},"source_owner":{"type":"string","description_kind":"plain","required":true},"status":{"type":"string","description_kind":"plain","computed":true},"tag_key_scope":{"type":"string","description_kind":"plain","optional":true},"tag_value_scope":{"type":"string","description_kind":"plain","optional":true}},"block_types":{"timeouts":{"nesting_mode":"single","block":{"attributes":{"create":{"type":"string","description_kind":"plain","optional":true},"update":{"type":"string","description_kind":"plain","optional":true}},"description_kind":"plain"}}},"description_kind":"plain"}},"alicloud_config_aggregator":{"version":0,"block":{"attributes":{"aggregator_name":{"type":"string","description_kind":"plain","required":true},"aggregator_type":{"type":"string","description_kind":"plain","optional":true,"computed":true},"description":{"type":"string","description_kind":"plain","required":true},"id":{"type":"string","description_kind":"plain","optional":true,"computed":true},"status":{"type":"string","description_kind":"plain","computed":true}},"block_types":{"aggregator_accounts":{"nesting_mode":"set","block":{"attributes":{"account_id":{"type":"string","description_kind":"plain","required":true},"account_name":{"type":"string","description_kind":"plain","required":true},"account_type":{"type":"string","description_kind":"plain","required":true}},"description_kind":"plain"},"min_items":1},"timeouts":{"nesting_mode":"single","block":{"attributes":{"create":{"type":"string","description_kind":"plain","optional":true}},"description_kind":"plain"}}},"description_kind":"plain"}},"alicloud_config_compliance_pack":{"version":0,"block":{"attributes":{"compliance_pack_name":{"type":"string","description_kind":"plain","required":true},"compliance_pack_template_id":{"type":"string","description_kind":"plain","required":true},"description":{"type":"string","description_kind":"plain","required":true},"id":{"type":"string","description_kind":"plain","optional":true,"computed":true},"risk_level":{"type":"number","description_kind":"plain","required":true},"status":{"type":"string","description_kind":"plain","computed":true}},"block_types":{"config_rules":{"nesting_mode":"set","block":{"attributes":{"managed_rule_identifier":{"type":"string","description_kind":"plain","required":true}},"block_types":{"config_rule_parameters":{"nesting_mode":"set","block":{"attributes":{"parameter_name":{"type":"string","description_kind":"plain","required":true},"parameter_value":{"type":"string","description_kind":"plain","optional":true}},"description_kind":"plain"},"min_items":1}},"description_kind":"plain"},"min_items":1},"timeouts":{"nesting_mode":"single","block":{"attributes":{"create":{"type":"string","description_kind":"plain","optional":true},"update":{"type":"string","description_kind":"plain","optional":true}},"description_kind":"plain"}}},"description_kind":"plain"}},"alicloud_config_configuration_recorder":{"version":0,"block":{"attributes":{"enterprise_edition":{"type":"bool","description_kind":"plain","optional":true},"id":{"type":"string","description_kind":"plain","optional":true,"computed":true},"organization_enable_status":{"type":"string","description_kind":"plain","computed":true},"organization_master_id":{"type":"number","description_kind":"plain","computed":true},"resource_types":{"type":["set","string"],"description_kind":"plain","optional":true,"computed":true},"status":{"type":"string","description_kind":"plain","computed":true}},"block_types":{"timeouts":{"nesting_mode":"single","block":{"attributes":{"update":{"type":"string","description_kind":"plain","optional":true}},"description_kind":"plain"}}},"description_kind":"plain"}},"alicloud_config_delivery_channel":{"version":0,"block":{"attributes":{"delivery_channel_assume_role_arn":{"type":"string","description_kind":"plain","required":true},"delivery_channel_condition":{"type":"string","description_kind":"plain","optional":true,"computed":true},"delivery_channel_name":{"type":"string","description_kind":"plain","optional":true,"computed":true},"delivery_channel_target_arn":{"type":"string","description_kind":"plain","required":true},"delivery_channel_type":{"type":"string","description_kind":"plain","required":true},"description":{"type":"string","description_kind":"plain","optional":true,"computed":true},"id":{"type":"string","description_kind":"plain","optional":true,"computed":true},"status":{"type":"number","description_kind":"plain","optional":true,"computed":true}},"block_types":{"timeouts":{"nesting_mode":"single","block":{"attributes":{"create":{"type":"string","description_kind":"plain","optional":true},"update":{"type":"string","description_kind":"plain","optional":true}},"description_kind":"plain"}}},"description_kind":"plain"}},"alicloud_config_rule":{"version":0,"block":{"attributes":{"config_rule_trigger_types":{"type":"string","description_kind":"plain","optional":true,"computed":true},"description":{"type":"string","description_kind":"plain","optional":true},"exclude_resource_ids_scope":{"type":"string","description_kind":"plain","optional":true},"id":{"type":"string","description_kind":"plain","optional":true,"computed":true},"input_parameters":{"type":["map","string"],"description_kind":"plain","optional":true},"maximum_execution_frequency":{"type":"string","description_kind":"plain","optional":true,"computed":true},"member_id":{"type":"number","description_kind":"plain","optional":true},"multi_account":{"type":"bool","description_kind":"plain","optional":true},"region_ids_scope":{"type":"string","description_kind":"plain","optional":true},"resource_group_ids_scope":{"type":"string","description_kind":"plain","optional":true},"resource_types_scope":{"type":["list","string"],"description_kind":"plain","optional":true,"computed":true},"risk_level":{"type":"number","description_kind":"plain","required":true},"rule_name":{"type":"string","description_kind":"plain","required":true},"scope_compliance_resource_id":{"type":"string","description_kind":"plain","optional":true},"scope_compliance_resource_types":{"type":["list","string"],"description_kind":"plain","optional":true,"computed":true},"source_detail_message_type":{"type":"string","description_kind":"plain","optional":true,"computed":true},"source_identifier":{"type":"string","description_kind":"plain","required":true},"source_maximum_execution_frequency":{"type":"string","description_kind":"plain","optional":true,"computed":true},"source_owner":{"type":"string","description_kind":"plain","required":true},"status":{"type":"string","description_kind":"plain","computed":true},"tag_key_scope":{"type":"string","description_kind":"plain","optional":true},"tag_value_scope":{"type":"string","description_kind":"plain","optional":true}},"block_types":{"timeouts":{"nesting_mode":"single","block":{"attributes":{"create":{"type":"string","description_kind":"plain","optional":true},"update":{"type":"string","description_kind":"plain","optional":true}},"description_kind":"plain"}}},"description_kind":"plain"}},"alicloud_container_cluster":{"version":0,"block":{"attributes":{"agent_version":{"type":"string","description_kind":"plain","computed":true},"cidr_block":{"type":"string","description_kind":"plain","required":true},"disk_category":{"type":"string","description_kind":"plain","optional":true},"disk_size":{"type":"number","description_kind":"plain","optional":true},"id":{"type":"string","description_kind":"plain","optional":true,"computed":true},"image_id":{"type":"string","description_kind":"plain","optional":true},"instance_type":{"type":"string","description_kind":"plain","required":true},"is_outdated":{"type":"bool","description_kind":"plain","optional":true},"name":{"type":"string","description_kind":"plain","optional":true,"computed":true},"name_prefix":{"type":"string","description_kind":"plain","optional":true},"need_slb":{"type":"bool","description_kind":"plain","optional":true},"node_number":{"type":"number","description_kind":"plain","optional":true},"nodes":{"type":["list",["object",{"eip":"string","id":"string","name":"string","private_ip":"string","status":"string"}]],"description_kind":"plain","computed":true},"password":{"type":"string","description_kind":"plain","required":true,"sensitive":true},"release_eip":{"type":"bool","description_kind":"plain","optional":true},"security_group_id":{"type":"string","description_kind":"plain","computed":true},"size":{"type":"number","description_kind":"plain","optional":true},"slb_id":{"type":"string","description_kind":"plain","computed":true},"vpc_id":{"type":"string","description_kind":"plain","computed":true},"vswitch_id":{"type":"string","description_kind":"plain","required":true}},"description_kind":"plain"}},"alicloud_copy_image":{"version":0,"block":{"attributes":{"description":{"type":"string","description_kind":"plain","optional":true},"encrypted":{"type":"bool","description_kind":"plain","optional":true},"force":{"type":"bool","description_kind":"plain","optional":true},"id":{"type":"string","description_kind":"plain","optional":true,"computed":true},"image_name":{"type":"string","description_kind":"plain","optional":true,"computed":true},"kms_key_id":{"type":"string","description_kind":"plain","optional":true},"name":{"type":"string","description_kind":"plain","optional":true,"computed":true},"source_image_id":{"type":"string","description_kind":"plain","required":true},"source_region_id":{"type":"string","description_kind":"plain","required":true},"tags":{"type":["map","string"],"description_kind":"plain","optional":true}},"block_types":{"timeouts":{"nesting_mode":"single","block":{"attributes":{"create":{"type":"string","description_kind":"plain","optional":true},"delete":{"type":"string","description_kind":"plain","optional":true}},"description_kind":"plain"}}},"description_kind":"plain"}},"alicloud_cr_ee_instance":{"version":0,"block":{"attributes":{"created_time":{"type":"string","description_kind":"plain","computed":true},"custom_oss_bucket":{"type":"string","description_kind":"plain","optional":true},"end_time":{"type":"string","description_kind":"plain","computed":true},"id":{"type":"string","description_kind":"plain","optional":true,"computed":true},"instance_name":{"type":"string","description_kind":"plain","required":true},"instance_type":{"type":"string","description_kind":"plain","required":true},"payment_type":{"type":"string","description_kind":"plain","optional":true},"period":{"type":"number","description_kind":"plain","optional":true},"renew_period":{"type":"number","description_kind":"plain","optional":true},"renewal_status":{"type":"string","description_kind":"plain","optional":true},"status":{"type":"string","description_kind":"plain","computed":true}},"description_kind":"plain"}},"alicloud_cr_ee_namespace":{"version":0,"block":{"attributes":{"auto_create":{"type":"bool","description_kind":"plain","required":true},"default_visibility":{"type":"string","description_kind":"plain","required":true},"id":{"type":"string","description_kind":"plain","optional":true,"computed":true},"instance_id":{"type":"string","description_kind":"plain","required":true},"name":{"type":"string","description_kind":"plain","required":true}},"description_kind":"plain"}},"alicloud_cr_ee_repo":{"version":0,"block":{"attributes":{"detail":{"type":"string","description_kind":"plain","optional":true},"id":{"type":"string","description_kind":"plain","optional":true,"computed":true},"instance_id":{"type":"string","description_kind":"plain","required":true},"name":{"type":"string","description_kind":"plain","required":true},"namespace":{"type":"string","description_kind":"plain","required":true},"repo_id":{"type":"string","description_kind":"plain","computed":true},"repo_type":{"type":"string","description_kind":"plain","required":true},"summary":{"type":"string","description_kind":"plain","required":true}},"description_kind":"plain"}},"alicloud_cr_ee_sync_rule":{"version":0,"block":{"attributes":{"id":{"type":"string","description_kind":"plain","optional":true,"computed":true},"instance_id":{"type":"string","description_kind":"plain","required":true},"name":{"type":"string","description_kind":"plain","required":true},"namespace_name":{"type":"string","description_kind":"plain","required":true},"repo_name":{"type":"string","description_kind":"plain","optional":true},"rule_id":{"type":"string","description_kind":"plain","computed":true},"sync_direction":{"type":"string","description_kind":"plain","computed":true},"sync_scope":{"type":"string","description_kind":"plain","computed":true},"tag_filter":{"type":"string","description_kind":"plain","required":true},"target_instance_id":{"type":"string","description_kind":"plain","required":true},"target_namespace_name":{"type":"string","description_kind":"plain","required":true},"target_region_id":{"type":"string","description_kind":"plain","required":true},"target_repo_name":{"type":"string","description_kind":"plain","optional":true}},"description_kind":"plain"}},"alicloud_cr_namespace":{"version":0,"block":{"attributes":{"auto_create":{"type":"bool","description_kind":"plain","required":true},"default_visibility":{"type":"string","description_kind":"plain","required":true},"id":{"type":"string","description_kind":"plain","optional":true,"computed":true},"name":{"type":"string","description_kind":"plain","required":true}},"description_kind":"plain"}},"alicloud_cr_repo":{"version":0,"block":{"attributes":{"detail":{"type":"string","description_kind":"plain","optional":true},"domain_list":{"type":["map","string"],"description_kind":"plain","computed":true},"id":{"type":"string","description_kind":"plain","optional":true,"computed":true},"name":{"type":"string","description_kind":"plain","required":true},"namespace":{"type":"string","description_kind":"plain","required":true},"repo_type":{"type":"string","description_kind":"plain","required":true},"summary":{"type":"string","description_kind":"plain","required":true}},"description_kind":"plain"}},"alicloud_cs_application":{"version":0,"block":{"attributes":{"blue_green":{"type":"bool","description_kind":"plain","optional":true},"blue_green_confirm":{"type":"bool","description_kind":"plain","optional":true},"cluster_name":{"type":"string","description_kind":"plain","required":true},"default_domain":{"type":"string","description_kind":"plain","computed":true},"description":{"type":"string","description_kind":"plain","optional":true},"environment":{"type":["map","string"],"description_kind":"plain","optional":true},"id":{"type":"string","description_kind":"plain","optional":true,"computed":true},"latest_image":{"type":"bool","description_kind":"plain","optional":true},"name":{"type":"string","description_kind":"plain","required":true},"services":{"type":["list",["object",{"id":"string","name":"string","status":"string","version":"string"}]],"description_kind":"plain","computed":true},"template":{"type":"string","description_kind":"plain","required":true},"version":{"type":"string","description_kind":"plain","optional":true}},"description_kind":"plain"}},"alicloud_cs_autoscaling_config":{"version":0,"block":{"attributes":{"cluster_id":{"type":"string","description_kind":"plain","optional":true},"cool_down_duration":{"type":"string","description_kind":"plain","optional":true},"gpu_utilization_threshold":{"type":"string","description_kind":"plain","optional":true},"id":{"type":"string","description_kind":"plain","optional":true,"computed":true},"scan_interval":{"type":"string","description_kind":"plain","optional":true},"unneeded_duration":{"type":"string","description_kind":"plain","optional":true},"utilization_threshold":{"type":"string","description_kind":"plain","optional":true}},"block_types":{"timeouts":{"nesting_mode":"single","block":{"attributes":{"create":{"type":"string","description_kind":"plain","optional":true},"delete":{"type":"string","description_kind":"plain","optional":true},"update":{"type":"string","description_kind":"plain","optional":true}},"description_kind":"plain"}}},"description_kind":"plain"}},"alicloud_cs_edge_kubernetes":{"version":0,"block":{"attributes":{"availability_zone":{"type":"string","description_kind":"plain","optional":true,"computed":true},"certificate_authority":{"type":["map","string"],"description_kind":"plain","computed":true},"client_cert":{"type":"string","description_kind":"plain","optional":true},"client_key":{"type":"string","description_kind":"plain","optional":true},"cluster_ca_cert":{"type":"string","description_kind":"plain","optional":true},"connections":{"type":["map","string"],"description_kind":"plain","computed":true},"deletion_protection":{"type":"bool","description_kind":"plain","optional":true},"force_update":{"type":"bool","description_kind":"plain","optional":true},"id":{"type":"string","description_kind":"plain","optional":true,"computed":true},"install_cloud_monitor":{"type":"bool","description_kind":"plain","optional":true},"is_enterprise_security_group":{"type":"bool","description_kind":"plain","optional":true,"computed":true},"key_name":{"type":"string","description_kind":"plain","optional":true},"kube_config":{"type":"string","description_kind":"plain","optional":true},"name":{"type":"string","description_kind":"plain","optional":true,"computed":true},"name_prefix":{"type":"string","description_kind":"plain","optional":true},"nat_gateway_id":{"type":"string","description_kind":"plain","computed":true},"new_nat_gateway":{"type":"bool","description_kind":"plain","optional":true},"node_cidr_mask":{"type":"number","description_kind":"plain","optional":true},"password":{"type":"string","description_kind":"plain","optional":true,"sensitive":true},"pod_cidr":{"type":"string","description_kind":"plain","optional":true},"proxy_mode":{"type":"string","description_kind":"plain","optional":true},"rds_instances":{"type":["list","string"],"description_kind":"plain","optional":true},"resource_group_id":{"type":"string","description_kind":"plain","optional":true},"security_group_id":{"type":"string","description_kind":"plain","optional":true,"computed":true},"service_cidr":{"type":"string","description_kind":"plain","optional":true},"slb_internet":{"type":"string","description_kind":"plain","computed":true},"slb_internet_enabled":{"type":"bool","description_kind":"plain","optional":true},"slb_intranet":{"type":"string","description_kind":"plain","computed":true},"tags":{"type":["map","string"],"description_kind":"plain","optional":true},"user_data":{"type":"string","description_kind":"plain","optional":true},"version":{"type":"string","description_kind":"plain","optional":true,"computed":true},"vpc_id":{"type":"string","description_kind":"plain","computed":true},"worker_disk_category":{"type":"string","description_kind":"plain","optional":true},"worker_disk_performance_level":{"type":"string","description_kind":"plain","optional":true},"worker_disk_size":{"type":"number","description_kind":"plain","optional":true},"worker_disk_snapshot_policy_id":{"type":"string","description_kind":"plain","optional":true},"worker_instance_charge_type":{"type":"string","description_kind":"plain","optional":true},"worker_instance_types":{"type":["list","string"],"description_kind":"plain","required":true},"worker_nodes":{"type":["list",["object",{"id":"string","name":"string","private_ip":"string"}]],"description_kind":"plain","computed":true},"worker_number":{"type":"number","description_kind":"plain","required":true},"worker_vswitch_ids":{"type":["list","string"],"description_kind":"plain","required":true}},"block_types":{"addons":{"nesting_mode":"list","block":{"attributes":{"config":{"type":"string","description_kind":"plain","optional":true},"disabled":{"type":"bool","description_kind":"plain","optional":true},"name":{"type":"string","description_kind":"plain","optional":true}},"description_kind":"plain"}},"log_config":{"nesting_mode":"list","block":{"attributes":{"project":{"type":"string","description_kind":"plain","optional":true},"type":{"type":"string","description_kind":"plain","required":true}},"description_kind":"plain"},"max_items":1},"timeouts":{"nesting_mode":"single","block":{"attributes":{"create":{"type":"string","description_kind":"plain","optional":true},"delete":{"type":"string","description_kind":"plain","optional":true},"update":{"type":"string","description_kind":"plain","optional":true}},"description_kind":"plain"}},"worker_data_disks":{"nesting_mode":"list","block":{"attributes":{"auto_snapshot_policy_id":{"type":"string","description_kind":"plain","optional":true},"category":{"type":"string","description_kind":"plain","optional":true},"device":{"type":"string","description_kind":"plain","optional":true},"encrypted":{"type":"string","description_kind":"plain","optional":true},"kms_key_id":{"type":"string","description_kind":"plain","optional":true},"name":{"type":"string","description_kind":"plain","optional":true},"performance_level":{"type":"string","description_kind":"plain","optional":true},"size":{"type":"string","description_kind":"plain","optional":true},"snapshot_id":{"type":"string","description_kind":"plain","optional":true}},"description_kind":"plain"}}},"description_kind":"plain"}},"alicloud_cs_kubernetes":{"version":0,"block":{"attributes":{"api_audiences":{"type":["list","string"],"description_kind":"plain","optional":true},"availability_zone":{"type":"string","description_kind":"plain","optional":true,"computed":true},"certificate_authority":{"type":["map","string"],"description_kind":"plain","computed":true},"client_cert":{"type":"string","description_kind":"plain","optional":true},"client_key":{"type":"string","description_kind":"plain","optional":true},"cluster_ca_cert":{"type":"string","description_kind":"plain","optional":true},"cluster_domain":{"type":"string","description":"cluster local domain","description_kind":"plain","optional":true},"cluster_network_type":{"type":"string","description_kind":"plain","optional":true},"connections":{"type":["map","string"],"description_kind":"plain","computed":true},"cpu_policy":{"type":"string","description_kind":"plain","optional":true},"custom_san":{"type":"string","description_kind":"plain","optional":true},"deletion_protection":{"type":"bool","description_kind":"plain","optional":true},"enable_ssh":{"type":"bool","description_kind":"plain","optional":true},"exclude_autoscaler_nodes":{"type":"bool","description_kind":"plain","optional":true},"force_update":{"type":"bool","description_kind":"plain","optional":true},"id":{"type":"string","description_kind":"plain","optional":true,"computed":true},"image_id":{"type":"string","description_kind":"plain","optional":true},"install_cloud_monitor":{"type":"bool","description_kind":"plain","optional":true},"is_enterprise_security_group":{"type":"bool","description_kind":"plain","optional":true,"computed":true},"key_name":{"type":"string","description_kind":"plain","optional":true},"kms_encrypted_password":{"type":"string","description_kind":"plain","optional":true},"kms_encryption_context":{"type":["map","string"],"description_kind":"plain","optional":true},"kube_config":{"type":"string","description_kind":"plain","optional":true},"load_balancer_spec":{"type":"string","description_kind":"plain","optional":true},"master_auto_renew":{"type":"bool","description_kind":"plain","optional":true},"master_auto_renew_period":{"type":"number","description_kind":"plain","optional":true},"master_disk_category":{"type":"string","description_kind":"plain","optional":true},"master_disk_performance_level":{"type":"string","description_kind":"plain","optional":true},"master_disk_size":{"type":"number","description_kind":"plain","optional":true},"master_disk_snapshot_policy_id":{"type":"string","description_kind":"plain","optional":true},"master_instance_charge_type":{"type":"string","description_kind":"plain","optional":true},"master_instance_type":{"type":"string","description_kind":"plain","optional":true},"master_instance_types":{"type":["list","string"],"description_kind":"plain","required":true},"master_nodes":{"type":["list",["object",{"id":"string","name":"string","private_ip":"string"}]],"description_kind":"plain","computed":true},"master_period":{"type":"number","description_kind":"plain","optional":true},"master_period_unit":{"type":"string","description_kind":"plain","optional":true},"master_vswitch_ids":{"type":["list","string"],"description_kind":"plain","required":true},"name":{"type":"string","description_kind":"plain","optional":true,"computed":true},"name_prefix":{"type":"string","description_kind":"plain","optional":true},"nat_gateway_id":{"type":"string","description_kind":"plain","computed":true},"new_nat_gateway":{"type":"bool","description_kind":"plain","optional":true},"node_cidr_mask":{"type":"number","description_kind":"plain","optional":true},"node_name_mode":{"type":"string","description_kind":"plain","optional":true},"node_port_range":{"type":"string","description_kind":"plain","optional":true},"nodes":{"type":["list","string"],"description_kind":"plain","optional":true},"os_type":{"type":"string","description_kind":"plain","optional":true},"password":{"type":"string","description_kind":"plain","optional":true,"sensitive":true},"platform":{"type":"string","description_kind":"plain","optional":true},"pod_cidr":{"type":"string","description_kind":"plain","optional":true},"pod_vswitch_ids":{"type":["list","string"],"description_kind":"plain","optional":true},"proxy_mode":{"type":"string","description_kind":"plain","optional":true},"rds_instances":{"type":["list","string"],"description_kind":"plain","optional":true},"resource_group_id":{"type":"string","description_kind":"plain","optional":true,"computed":true},"runtime":{"type":["map","string"],"description_kind":"plain","optional":true},"security_group_id":{"type":"string","description_kind":"plain","optional":true,"computed":true},"service_account_issuer":{"type":"string","description_kind":"plain","optional":true},"service_cidr":{"type":"string","description_kind":"plain","optional":true},"slb_id":{"type":"string","description_kind":"plain","computed":true},"slb_internet":{"type":"string","description_kind":"plain","computed":true},"slb_internet_enabled":{"type":"bool","description_kind":"plain","optional":true},"slb_intranet":{"type":"string","description_kind":"plain","computed":true},"tags":{"type":["map","string"],"description_kind":"plain","optional":true},"timezone":{"type":"string","description_kind":"plain","optional":true},"user_ca":{"type":"string","description_kind":"plain","optional":true},"user_data":{"type":"string","description_kind":"plain","optional":true},"version":{"type":"string","description_kind":"plain","optional":true,"computed":true},"vpc_id":{"type":"string","description_kind":"plain","computed":true},"vswitch_id":{"type":"string","description_kind":"plain","optional":true},"vswitch_ids":{"type":["list","string"],"description_kind":"plain","optional":true},"worker_auto_renew":{"type":"bool","description_kind":"plain","optional":true},"worker_auto_renew_period":{"type":"number","description_kind":"plain","optional":true},"worker_data_disk_category":{"type":"string","description_kind":"plain","optional":true},"worker_data_disk_size":{"type":"number","description_kind":"plain","optional":true},"worker_disk_category":{"type":"string","description_kind":"plain","optional":true},"worker_disk_performance_level":{"type":"string","description_kind":"plain","optional":true},"worker_disk_size":{"type":"number","description_kind":"plain","optional":true},"worker_disk_snapshot_policy_id":{"type":"string","description_kind":"plain","optional":true},"worker_instance_charge_type":{"type":"string","description_kind":"plain","optional":true},"worker_instance_type":{"type":"string","description_kind":"plain","optional":true},"worker_instance_types":{"type":["list","string"],"description_kind":"plain","required":true},"worker_nodes":{"type":["list",["object",{"id":"string","name":"string","private_ip":"string"}]],"description_kind":"plain","computed":true},"worker_number":{"type":"number","description_kind":"plain","required":true},"worker_numbers":{"type":["list","number"],"description_kind":"plain","optional":true},"worker_period":{"type":"number","description_kind":"plain","optional":true},"worker_period_unit":{"type":"string","description_kind":"plain","optional":true},"worker_ram_role_name":{"type":"string","description_kind":"plain","computed":true},"worker_vswitch_ids":{"type":["list","string"],"description_kind":"plain","required":true}},"block_types":{"addons":{"nesting_mode":"list","block":{"attributes":{"config":{"type":"string","description_kind":"plain","optional":true},"disabled":{"type":"bool","description_kind":"plain","optional":true},"name":{"type":"string","description_kind":"plain","optional":true}},"description_kind":"plain"}},"log_config":{"nesting_mode":"list","block":{"attributes":{"project":{"type":"string","description_kind":"plain","optional":true},"type":{"type":"string","description_kind":"plain","required":true}},"description_kind":"plain"},"max_items":1},"taints":{"nesting_mode":"list","block":{"attributes":{"effect":{"type":"string","description_kind":"plain","optional":true},"key":{"type":"string","description_kind":"plain","optional":true},"value":{"type":"string","description_kind":"plain","optional":true}},"description_kind":"plain"}},"timeouts":{"nesting_mode":"single","block":{"attributes":{"create":{"type":"string","description_kind":"plain","optional":true},"delete":{"type":"string","description_kind":"plain","optional":true},"update":{"type":"string","description_kind":"plain","optional":true}},"description_kind":"plain"}},"worker_data_disks":{"nesting_mode":"list","block":{"attributes":{"auto_snapshot_policy_id":{"type":"string","description_kind":"plain","optional":true},"category":{"type":"string","description_kind":"plain","optional":true},"device":{"type":"string","description_kind":"plain","optional":true},"encrypted":{"type":"string","description_kind":"plain","optional":true},"kms_key_id":{"type":"string","description_kind":"plain","optional":true},"name":{"type":"string","description_kind":"plain","optional":true},"performance_level":{"type":"string","description_kind":"plain","optional":true},"size":{"type":"string","description_kind":"plain","optional":true},"snapshot_id":{"type":"string","description_kind":"plain","optional":true}},"description_kind":"plain"}}},"description_kind":"plain"}},"alicloud_cs_kubernetes_autoscaler":{"version":0,"block":{"attributes":{"cluster_id":{"type":"string","description_kind":"plain","required":true},"cool_down_duration":{"type":"string","description_kind":"plain","required":true},"defer_scale_in_duration":{"type":"string","description_kind":"plain","required":true},"id":{"type":"string","description_kind":"plain","optional":true,"computed":true},"use_ecs_ram_role_token":{"type":"bool","description_kind":"plain","optional":true},"utilization":{"type":"string","description_kind":"plain","required":true}},"block_types":{"nodepools":{"nesting_mode":"set","block":{"attributes":{"id":{"type":"string","description_kind":"plain","optional":true},"labels":{"type":"string","description_kind":"plain","optional":true},"taints":{"type":"string","description_kind":"plain","optional":true}},"description_kind":"plain"},"max_items":30},"timeouts":{"nesting_mode":"single","block":{"attributes":{"create":{"type":"string","description_kind":"plain","optional":true},"delete":{"type":"string","description_kind":"plain","optional":true},"update":{"type":"string","description_kind":"plain","optional":true}},"description_kind":"plain"}}},"description_kind":"plain"}},"alicloud_cs_kubernetes_node_pool":{"version":0,"block":{"attributes":{"auto_renew":{"type":"bool","description_kind":"plain","optional":true},"auto_renew_period":{"type":"number","description_kind":"plain","optional":true},"cluster_id":{"type":"string","description_kind":"plain","required":true},"format_disk":{"type":"bool","description_kind":"plain","optional":true,"computed":true},"id":{"type":"string","description_kind":"plain","optional":true,"computed":true},"image_id":{"type":"string","description_kind":"plain","optional":true,"computed":true},"install_cloud_monitor":{"type":"bool","description_kind":"plain","optional":true},"instance_charge_type":{"type":"string","description_kind":"plain","optional":true},"instance_types":{"type":["list","string"],"description_kind":"plain","required":true},"instances":{"type":["list","string"],"description_kind":"plain","optional":true},"internet_charge_type":{"type":"string","description_kind":"plain","optional":true,"computed":true},"internet_max_bandwidth_out":{"type":"number","description_kind":"plain","optional":true,"computed":true},"keep_instance_name":{"type":"bool","description_kind":"plain","optional":true,"computed":true},"key_name":{"type":"string","description_kind":"plain","optional":true},"kms_encrypted_password":{"type":"string","description_kind":"plain","optional":true},"name":{"type":"string","description_kind":"plain","required":true},"node_count":{"type":"number","description_kind":"plain","optional":true,"computed":true},"node_name_mode":{"type":"string","description_kind":"plain","optional":true,"computed":true},"password":{"type":"string","description_kind":"plain","optional":true,"sensitive":true},"period":{"type":"number","description_kind":"plain","optional":true},"period_unit":{"type":"string","description_kind":"plain","optional":true},"platform":{"type":"string","description_kind":"plain","optional":true,"computed":true},"resource_group_id":{"type":"string","description_kind":"plain","optional":true,"computed":true},"scaling_group_id":{"type":"string","description_kind":"plain","computed":true},"scaling_policy":{"type":"string","description_kind":"plain","optional":true,"computed":true},"security_group_id":{"type":"string","description_kind":"plain","optional":true,"computed":true},"spot_strategy":{"type":"string","description_kind":"plain","optional":true,"computed":true},"system_disk_category":{"type":"string","description_kind":"plain","optional":true},"system_disk_performance_level":{"type":"string","description_kind":"plain","optional":true},"system_disk_size":{"type":"number","description_kind":"plain","optional":true},"tags":{"type":["map","string"],"description_kind":"plain","optional":true},"unschedulable":{"type":"bool","description_kind":"plain","optional":true},"user_data":{"type":"string","description_kind":"plain","optional":true},"vpc_id":{"type":"string","description_kind":"plain","computed":true},"vswitch_ids":{"type":["list","string"],"description_kind":"plain","required":true}},"block_types":{"data_disks":{"nesting_mode":"list","block":{"attributes":{"auto_snapshot_policy_id":{"type":"string","description_kind":"plain","optional":true},"category":{"type":"string","description_kind":"plain","optional":true},"device":{"type":"string","description_kind":"plain","optional":true},"encrypted":{"type":"string","description_kind":"plain","optional":true},"kms_key_id":{"type":"string","description_kind":"plain","optional":true},"name":{"type":"string","description_kind":"plain","optional":true},"performance_level":{"type":"string","description_kind":"plain","optional":true},"size":{"type":"number","description_kind":"plain","optional":true},"snapshot_id":{"type":"string","description_kind":"plain","optional":true}},"description_kind":"plain"}},"labels":{"nesting_mode":"list","block":{"attributes":{"key":{"type":"string","description_kind":"plain","required":true},"value":{"type":"string","description_kind":"plain","optional":true}},"description_kind":"plain"}},"management":{"nesting_mode":"list","block":{"attributes":{"auto_repair":{"type":"bool","description_kind":"plain","optional":true},"auto_upgrade":{"type":"bool","description_kind":"plain","optional":true},"max_unavailable":{"type":"number","description_kind":"plain","required":true},"surge":{"type":"number","description_kind":"plain","optional":true},"surge_percentage":{"type":"number","description_kind":"plain","optional":true}},"description_kind":"plain"},"max_items":1},"scaling_config":{"nesting_mode":"list","block":{"attributes":{"eip_bandwidth":{"type":"number","description_kind":"plain","optional":true},"eip_internet_charge_type":{"type":"string","description_kind":"plain","optional":true},"is_bond_eip":{"type":"bool","description_kind":"plain","optional":true},"max_size":{"type":"number","description_kind":"plain","required":true},"min_size":{"type":"number","description_kind":"plain","required":true},"type":{"type":"string","description_kind":"plain","optional":true}},"description_kind":"plain"},"max_items":1},"spot_price_limit":{"nesting_mode":"list","block":{"attributes":{"instance_type":{"type":"string","description_kind":"plain","optional":true},"price_limit":{"type":"string","description_kind":"plain","optional":true}},"description_kind":"plain"}},"taints":{"nesting_mode":"list","block":{"attributes":{"effect":{"type":"string","description_kind":"plain","optional":true},"key":{"type":"string","description_kind":"plain","required":true},"value":{"type":"string","description_kind":"plain","optional":true}},"description_kind":"plain"}},"timeouts":{"nesting_mode":"single","block":{"attributes":{"create":{"type":"string","description_kind":"plain","optional":true},"delete":{"type":"string","description_kind":"plain","optional":true},"update":{"type":"string","description_kind":"plain","optional":true}},"description_kind":"plain"}}},"description_kind":"plain"}},"alicloud_cs_kubernetes_permissions":{"version":0,"block":{"attributes":{"id":{"type":"string","description_kind":"plain","optional":true,"computed":true},"uid":{"type":"string","description_kind":"plain","required":true}},"block_types":{"permissions":{"nesting_mode":"set","block":{"attributes":{"cluster":{"type":"string","description_kind":"plain","required":true},"is_custom":{"type":"bool","description_kind":"plain","optional":true},"is_ram_role":{"type":"bool","description_kind":"plain","optional":true},"namespace":{"type":"string","description_kind":"plain","optional":true},"role_name":{"type":"string","description_kind":"plain","required":true},"role_type":{"type":"string","description_kind":"plain","required":true}},"description_kind":"plain"}},"timeouts":{"nesting_mode":"single","block":{"attributes":{"create":{"type":"string","description_kind":"plain","optional":true},"delete":{"type":"string","description_kind":"plain","optional":true},"update":{"type":"string","description_kind":"plain","optional":true}},"description_kind":"plain"}}},"description_kind":"plain"}},"alicloud_cs_managed_kubernetes":{"version":0,"block":{"attributes":{"api_audiences":{"type":["list","string"],"description_kind":"plain","optional":true},"availability_zone":{"type":"string","description_kind":"plain","optional":true,"computed":true},"certificate_authority":{"type":["map","string"],"description_kind":"plain","computed":true},"client_cert":{"type":"string","description_kind":"plain","optional":true},"client_key":{"type":"string","description_kind":"plain","optional":true},"cluster_ca_cert":{"type":"string","description_kind":"plain","optional":true},"cluster_domain":{"type":"string","description":"cluster local domain ","description_kind":"plain","optional":true},"cluster_network_type":{"type":"string","description_kind":"plain","optional":true},"cluster_spec":{"type":"string","description_kind":"plain","optional":true,"computed":true},"connections":{"type":["map","string"],"description_kind":"plain","computed":true},"cpu_policy":{"type":"string","description_kind":"plain","optional":true},"custom_san":{"type":"string","description_kind":"plain","optional":true},"deletion_protection":{"type":"bool","description_kind":"plain","optional":true},"enable_ssh":{"type":"bool","description_kind":"plain","optional":true},"encryption_provider_key":{"type":"string","description":"disk encryption key, only in ack-pro","description_kind":"plain","optional":true},"exclude_autoscaler_nodes":{"type":"bool","description_kind":"plain","optional":true},"force_update":{"type":"bool","description_kind":"plain","optional":true},"id":{"type":"string","description_kind":"plain","optional":true,"computed":true},"image_id":{"type":"string","description_kind":"plain","optional":true},"install_cloud_monitor":{"type":"bool","description_kind":"plain","optional":true},"is_enterprise_security_group":{"type":"bool","description_kind":"plain","optional":true,"computed":true},"key_name":{"type":"string","description_kind":"plain","optional":true},"kms_encrypted_password":{"type":"string","description_kind":"plain","optional":true},"kms_encryption_context":{"type":["map","string"],"description_kind":"plain","optional":true},"kube_config":{"type":"string","description_kind":"plain","optional":true},"load_balancer_spec":{"type":"string","description_kind":"plain","optional":true},"name":{"type":"string","description_kind":"plain","optional":true,"computed":true},"name_prefix":{"type":"string","description_kind":"plain","optional":true},"nat_gateway_id":{"type":"string","description_kind":"plain","computed":true},"new_nat_gateway":{"type":"bool","description_kind":"plain","optional":true},"node_cidr_mask":{"type":"number","description_kind":"plain","optional":true},"node_name_mode":{"type":"string","description_kind":"plain","optional":true},"node_port_range":{"type":"string","description_kind":"plain","optional":true},"os_type":{"type":"string","description_kind":"plain","optional":true},"password":{"type":"string","description_kind":"plain","optional":true,"sensitive":true},"platform":{"type":"string","description_kind":"plain","optional":true},"pod_cidr":{"type":"string","description_kind":"plain","optional":true},"pod_vswitch_ids":{"type":["list","string"],"description_kind":"plain","optional":true},"proxy_mode":{"type":"string","description_kind":"plain","optional":true},"rds_instances":{"type":["list","string"],"description_kind":"plain","optional":true},"resource_group_id":{"type":"string","description_kind":"plain","optional":true,"computed":true},"runtime":{"type":["map","string"],"description_kind":"plain","optional":true},"security_group_id":{"type":"string","description_kind":"plain","optional":true,"computed":true},"service_account_issuer":{"type":"string","description_kind":"plain","optional":true},"service_cidr":{"type":"string","description_kind":"plain","optional":true},"slb_id":{"type":"string","description_kind":"plain","computed":true},"slb_internet":{"type":"string","description_kind":"plain","computed":true},"slb_internet_enabled":{"type":"bool","description_kind":"plain","optional":true},"slb_intranet":{"type":"string","description_kind":"plain","computed":true},"tags":{"type":["map","string"],"description_kind":"plain","optional":true},"timezone":{"type":"string","description_kind":"plain","optional":true},"user_ca":{"type":"string","description_kind":"plain","optional":true},"user_data":{"type":"string","description_kind":"plain","optional":true},"version":{"type":"string","description_kind":"plain","optional":true,"computed":true},"vpc_id":{"type":"string","description_kind":"plain","computed":true},"vswitch_ids":{"type":["list","string"],"description_kind":"plain","optional":true},"worker_auto_renew":{"type":"bool","description_kind":"plain","optional":true},"worker_auto_renew_period":{"type":"number","description_kind":"plain","optional":true},"worker_data_disk_category":{"type":"string","description_kind":"plain","optional":true},"worker_data_disk_size":{"type":"number","description_kind":"plain","optional":true},"worker_disk_category":{"type":"string","description_kind":"plain","optional":true},"worker_disk_performance_level":{"type":"string","description_kind":"plain","optional":true},"worker_disk_size":{"type":"number","description_kind":"plain","optional":true},"worker_disk_snapshot_policy_id":{"type":"string","description_kind":"plain","optional":true},"worker_instance_charge_type":{"type":"string","description_kind":"plain","optional":true},"worker_instance_type":{"type":"string","description_kind":"plain","optional":true},"worker_instance_types":{"type":["list","string"],"description_kind":"plain","optional":true},"worker_nodes":{"type":["list",["object",{"id":"string","name":"string","private_ip":"string"}]],"description_kind":"plain","computed":true},"worker_number":{"type":"number","description_kind":"plain","optional":true},"worker_numbers":{"type":["list","number"],"description_kind":"plain","optional":true},"worker_period":{"type":"number","description_kind":"plain","optional":true},"worker_period_unit":{"type":"string","description_kind":"plain","optional":true},"worker_ram_role_name":{"type":"string","description_kind":"plain","computed":true},"worker_vswitch_ids":{"type":["list","string"],"description_kind":"plain","required":true}},"block_types":{"addons":{"nesting_mode":"list","block":{"attributes":{"config":{"type":"string","description_kind":"plain","optional":true},"disabled":{"type":"bool","description_kind":"plain","optional":true},"name":{"type":"string","description_kind":"plain","optional":true}},"description_kind":"plain"}},"log_config":{"nesting_mode":"list","block":{"attributes":{"project":{"type":"string","description_kind":"plain","optional":true},"type":{"type":"string","description_kind":"plain","required":true}},"description_kind":"plain"},"max_items":1},"maintenance_window":{"nesting_mode":"list","block":{"attributes":{"duration":{"type":"string","description_kind":"plain","required":true},"enable":{"type":"bool","description_kind":"plain","required":true},"maintenance_time":{"type":"string","description_kind":"plain","required":true},"weekly_period":{"type":"string","description_kind":"plain","required":true}},"description_kind":"plain"},"max_items":1},"taints":{"nesting_mode":"list","block":{"attributes":{"effect":{"type":"string","description_kind":"plain","optional":true},"key":{"type":"string","description_kind":"plain","optional":true},"value":{"type":"string","description_kind":"plain","optional":true}},"description_kind":"plain"}},"timeouts":{"nesting_mode":"single","block":{"attributes":{"create":{"type":"string","description_kind":"plain","optional":true},"delete":{"type":"string","description_kind":"plain","optional":true},"update":{"type":"string","description_kind":"plain","optional":true}},"description_kind":"plain"}},"worker_data_disks":{"nesting_mode":"list","block":{"attributes":{"auto_snapshot_policy_id":{"type":"string","description_kind":"plain","optional":true},"category":{"type":"string","description_kind":"plain","optional":true},"device":{"type":"string","description_kind":"plain","optional":true},"encrypted":{"type":"string","description_kind":"plain","optional":true},"kms_key_id":{"type":"string","description_kind":"plain","optional":true},"name":{"type":"string","description_kind":"plain","optional":true},"performance_level":{"type":"string","description_kind":"plain","optional":true},"size":{"type":"string","description_kind":"plain","optional":true},"snapshot_id":{"type":"string","description_kind":"plain","optional":true}},"description_kind":"plain"}}},"description_kind":"plain"}},"alicloud_cs_serverless_kubernetes":{"version":0,"block":{"attributes":{"client_cert":{"type":"string","description_kind":"plain","optional":true},"client_key":{"type":"string","description_kind":"plain","optional":true},"cluster_ca_cert":{"type":"string","description_kind":"plain","optional":true},"deletion_protection":{"type":"bool","description_kind":"plain","optional":true},"endpoint_public_access_enabled":{"type":"bool","description_kind":"plain","optional":true},"force_update":{"type":"bool","description_kind":"plain","optional":true},"id":{"type":"string","description_kind":"plain","optional":true,"computed":true},"kube_config":{"type":"string","description_kind":"plain","optional":true},"load_balancer_spec":{"type":"string","description_kind":"plain","optional":true},"logging_type":{"type":"string","description_kind":"plain","optional":true},"name":{"type":"string","description_kind":"plain","optional":true,"computed":true},"name_prefix":{"type":"string","description_kind":"plain","optional":true},"new_nat_gateway":{"type":"bool","description_kind":"plain","optional":true},"private_zone":{"type":"bool","description_kind":"plain","optional":true},"resource_group_id":{"type":"string","description_kind":"plain","optional":true,"computed":true},"security_group_id":{"type":"string","description_kind":"plain","optional":true,"computed":true},"service_cidr":{"type":"string","description_kind":"plain","optional":true},"service_discovery_types":{"type":["list","string"],"description_kind":"plain","optional":true},"sls_project_name":{"type":"string","description_kind":"plain","optional":true,"computed":true},"tags":{"type":["map","string"],"description_kind":"plain","optional":true},"time_zone":{"type":"string","description_kind":"plain","optional":true,"computed":true},"version":{"type":"string","description_kind":"plain","optional":true,"computed":true},"vpc_id":{"type":"string","description_kind":"plain","required":true},"vswitch_id":{"type":"string","description_kind":"plain","optional":true},"vswitch_ids":{"type":["list","string"],"description_kind":"plain","optional":true,"computed":true},"zone_id":{"type":"string","description_kind":"plain","optional":true}},"block_types":{"addons":{"nesting_mode":"list","block":{"attributes":{"config":{"type":"string","description_kind":"plain","optional":true},"disabled":{"type":"bool","description_kind":"plain","optional":true},"name":{"type":"string","description_kind":"plain","optional":true}},"description_kind":"plain"}},"timeouts":{"nesting_mode":"single","block":{"attributes":{"create":{"type":"string","description_kind":"plain","optional":true},"delete":{"type":"string","description_kind":"plain","optional":true}},"description_kind":"plain"}}},"description_kind":"plain"}},"alicloud_cs_swarm":{"version":0,"block":{"attributes":{"agent_version":{"type":"string","description_kind":"plain","computed":true},"cidr_block":{"type":"string","description_kind":"plain","required":true},"disk_category":{"type":"string","description_kind":"plain","optional":true},"disk_size":{"type":"number","description_kind":"plain","optional":true},"id":{"type":"string","description_kind":"plain","optional":true,"computed":true},"image_id":{"type":"string","description_kind":"plain","optional":true},"instance_type":{"type":"string","description_kind":"plain","required":true},"is_outdated":{"type":"bool","description_kind":"plain","optional":true},"name":{"type":"string","description_kind":"plain","optional":true,"computed":true},"name_prefix":{"type":"string","description_kind":"plain","optional":true},"need_slb":{"type":"bool","description_kind":"plain","optional":true},"node_number":{"type":"number","description_kind":"plain","optional":true},"nodes":{"type":["list",["object",{"eip":"string","id":"string","name":"string","private_ip":"string","status":"string"}]],"description_kind":"plain","computed":true},"password":{"type":"string","description_kind":"plain","required":true,"sensitive":true},"release_eip":{"type":"bool","description_kind":"plain","optional":true},"security_group_id":{"type":"string","description_kind":"plain","computed":true},"size":{"type":"number","description_kind":"plain","optional":true},"slb_id":{"type":"string","description_kind":"plain","computed":true},"vpc_id":{"type":"string","description_kind":"plain","computed":true},"vswitch_id":{"type":"string","description_kind":"plain","required":true}},"description_kind":"plain"}},"alicloud_datahub_project":{"version":0,"block":{"attributes":{"comment":{"type":"string","description_kind":"plain","optional":true},"create_time":{"type":"string","description_kind":"plain","computed":true},"id":{"type":"string","description_kind":"plain","optional":true,"computed":true},"last_modify_time":{"type":"string","description_kind":"plain","computed":true},"name":{"type":"string","description_kind":"plain","required":true}},"description_kind":"plain"}},"alicloud_datahub_subscription":{"version":0,"block":{"attributes":{"comment":{"type":"string","description_kind":"plain","optional":true},"create_time":{"type":"string","description_kind":"plain","computed":true},"id":{"type":"string","description_kind":"plain","optional":true,"computed":true},"last_modify_time":{"type":"string","description_kind":"plain","computed":true},"project_name":{"type":"string","description_kind":"plain","required":true},"sub_id":{"type":"string","description_kind":"plain","computed":true},"topic_name":{"type":"string","description_kind":"plain","required":true}},"description_kind":"plain"}},"alicloud_datahub_topic":{"version":0,"block":{"attributes":{"comment":{"type":"string","description_kind":"plain","optional":true},"create_time":{"type":"string","description_kind":"plain","computed":true},"id":{"type":"string","description_kind":"plain","optional":true,"computed":true},"last_modify_time":{"type":"string","description_kind":"plain","computed":true},"life_cycle":{"type":"number","description_kind":"plain","optional":true},"name":{"type":"string","description_kind":"plain","required":true},"project_name":{"type":"string","description_kind":"plain","required":true},"record_schema":{"type":["map","string"],"description_kind":"plain","optional":true},"record_type":{"type":"string","description_kind":"plain","optional":true},"shard_count":{"type":"number","description_kind":"plain","optional":true}},"description_kind":"plain"}},"alicloud_db_account":{"version":0,"block":{"attributes":{"account_description":{"type":"string","description_kind":"plain","optional":true,"computed":true},"account_name":{"type":"string","description_kind":"plain","optional":true,"computed":true},"account_password":{"type":"string","description_kind":"plain","optional":true,"computed":true,"sensitive":true},"account_type":{"type":"string","description_kind":"plain","optional":true,"computed":true},"db_instance_id":{"type":"string","description_kind":"plain","optional":true,"computed":true},"description":{"type":"string","description_kind":"plain","optional":true,"computed":true},"id":{"type":"string","description_kind":"plain","optional":true,"computed":true},"instance_id":{"type":"string","description_kind":"plain","optional":true,"computed":true},"kms_encrypted_password":{"type":"string","description_kind":"plain","optional":true},"kms_encryption_context":{"type":["map","string"],"description_kind":"plain","optional":true},"name":{"type":"string","description_kind":"plain","optional":true,"computed":true},"password":{"type":"string","description_kind":"plain","optional":true,"computed":true,"sensitive":true},"status":{"type":"string","description_kind":"plain","computed":true},"type":{"type":"string","description_kind":"plain","optional":true,"computed":true}},"block_types":{"timeouts":{"nesting_mode":"single","block":{"attributes":{"create":{"type":"string","description_kind":"plain","optional":true},"delete":{"type":"string","description_kind":"plain","optional":true},"update":{"type":"string","description_kind":"plain","optional":true}},"description_kind":"plain"}}},"description_kind":"plain"}},"alicloud_db_account_privilege":{"version":0,"block":{"attributes":{"account_name":{"type":"string","description_kind":"plain","required":true},"db_names":{"type":["set","string"],"description_kind":"plain","required":true},"id":{"type":"string","description_kind":"plain","optional":true,"computed":true},"instance_id":{"type":"string","description_kind":"plain","required":true},"privilege":{"type":"string","description_kind":"plain","optional":true}},"description_kind":"plain"}},"alicloud_db_backup_policy":{"version":0,"block":{"attributes":{"archive_backup_keep_count":{"type":"number","description_kind":"plain","optional":true,"computed":true},"archive_backup_keep_policy":{"type":"string","description_kind":"plain","optional":true,"computed":true},"archive_backup_retention_period":{"type":"number","description_kind":"plain","optional":true,"computed":true},"backup_period":{"type":["set","string"],"description_kind":"plain","optional":true,"computed":true},"backup_retention_period":{"type":"number","description_kind":"plain","optional":true},"backup_time":{"type":"string","description_kind":"plain","optional":true,"computed":true},"compress_type":{"type":"string","description_kind":"plain","optional":true,"computed":true},"enable_backup_log":{"type":"bool","description_kind":"plain","optional":true,"computed":true},"high_space_usage_protection":{"type":"string","description_kind":"plain","optional":true},"id":{"type":"string","description_kind":"plain","optional":true,"computed":true},"instance_id":{"type":"string","description_kind":"plain","required":true},"local_log_retention_hours":{"type":"number","description_kind":"plain","optional":true,"computed":true},"local_log_retention_space":{"type":"number","description_kind":"plain","optional":true,"computed":true},"log_backup":{"type":"bool","description_kind":"plain","optional":true,"computed":true},"log_backup_frequency":{"type":"string","description_kind":"plain","optional":true,"computed":true},"log_backup_retention_period":{"type":"number","description_kind":"plain","optional":true,"computed":true},"log_retention_period":{"type":"number","description_kind":"plain","optional":true,"computed":true},"preferred_backup_period":{"type":["set","string"],"description_kind":"plain","optional":true,"computed":true},"preferred_backup_time":{"type":"string","description_kind":"plain","optional":true},"retention_period":{"type":"number","description_kind":"plain","optional":true,"computed":true}},"description_kind":"plain"}},"alicloud_db_connection":{"version":0,"block":{"attributes":{"connection_prefix":{"type":"string","description_kind":"plain","optional":true,"computed":true},"connection_string":{"type":"string","description_kind":"plain","computed":true},"id":{"type":"string","description_kind":"plain","optional":true,"computed":true},"instance_id":{"type":"string","description_kind":"plain","required":true},"ip_address":{"type":"string","description_kind":"plain","computed":true},"port":{"type":"string","description_kind":"plain","optional":true}},"description_kind":"plain"}},"alicloud_db_database":{"version":0,"block":{"attributes":{"character_set":{"type":"string","description_kind":"plain","optional":true},"description":{"type":"string","description_kind":"plain","optional":true},"id":{"type":"string","description_kind":"plain","optional":true,"computed":true},"instance_id":{"type":"string","description_kind":"plain","required":true},"name":{"type":"string","description_kind":"plain","required":true}},"description_kind":"plain"}},"alicloud_db_instance":{"version":0,"block":{"attributes":{"acl":{"type":"string","description_kind":"plain","optional":true,"computed":true},"auto_renew":{"type":"bool","description_kind":"plain","optional":true},"auto_renew_period":{"type":"number","description_kind":"plain","optional":true},"auto_upgrade_minor_version":{"type":"string","description_kind":"plain","optional":true,"computed":true},"ca_type":{"type":"string","description_kind":"plain","optional":true,"computed":true},"client_ca_cert":{"type":"string","description_kind":"plain","optional":true},"client_ca_enabled":{"type":"number","description_kind":"plain","optional":true},"client_cert_revocation_list":{"type":"string","description_kind":"plain","optional":true},"client_crl_enabled":{"type":"number","description_kind":"plain","optional":true},"connection_string":{"type":"string","description_kind":"plain","computed":true},"connection_string_prefix":{"type":"string","description_kind":"plain","optional":true},"db_instance_ip_array_attribute":{"type":"string","description_kind":"plain","optional":true},"db_instance_ip_array_name":{"type":"string","description_kind":"plain","optional":true},"db_instance_storage_type":{"type":"string","description_kind":"plain","optional":true,"computed":true},"encryption_key":{"type":"string","description_kind":"plain","optional":true},"engine":{"type":"string","description_kind":"plain","required":true},"engine_version":{"type":"string","description_kind":"plain","required":true},"force_restart":{"type":"bool","description_kind":"plain","optional":true},"ha_config":{"type":"string","description_kind":"plain","optional":true,"computed":true},"id":{"type":"string","description_kind":"plain","optional":true,"computed":true},"instance_charge_type":{"type":"string","description_kind":"plain","optional":true},"instance_name":{"type":"string","description_kind":"plain","optional":true},"instance_storage":{"type":"number","description_kind":"plain","required":true},"instance_type":{"type":"string","description_kind":"plain","required":true},"maintain_time":{"type":"string","description_kind":"plain","optional":true,"computed":true},"manual_ha_time":{"type":"string","description_kind":"plain","optional":true},"modify_mode":{"type":"string","description_kind":"plain","optional":true},"monitoring_period":{"type":"number","description_kind":"plain","optional":true,"computed":true},"period":{"type":"number","description_kind":"plain","optional":true},"port":{"type":"string","description_kind":"plain","optional":true,"computed":true},"private_ip_address":{"type":"string","description_kind":"plain","optional":true,"computed":true},"replication_acl":{"type":"string","description_kind":"plain","optional":true,"computed":true},"resource_group_id":{"type":"string","description_kind":"plain","optional":true,"computed":true},"security_group_id":{"type":"string","description_kind":"plain","optional":true,"computed":true},"security_group_ids":{"type":["set","string"],"description_kind":"plain","optional":true,"computed":true},"security_ip_mode":{"type":"string","description_kind":"plain","optional":true},"security_ip_type":{"type":"string","description_kind":"plain","optional":true},"security_ips":{"type":["set","string"],"description_kind":"plain","optional":true,"computed":true},"server_cert":{"type":"string","description_kind":"plain","optional":true,"computed":true},"server_key":{"type":"string","description_kind":"plain","optional":true,"computed":true},"sql_collector_config_value":{"type":"number","description_kind":"plain","optional":true},"sql_collector_status":{"type":"string","description_kind":"plain","optional":true,"computed":true},"ssl_action":{"type":"string","description_kind":"plain","optional":true,"computed":true},"ssl_status":{"type":"string","description_kind":"plain","computed":true},"storage_auto_scale":{"type":"string","description_kind":"plain","optional":true},"storage_threshold":{"type":"number","description_kind":"plain","optional":true},"storage_upper_bound":{"type":"number","description_kind":"plain","optional":true},"switch_time":{"type":"string","description_kind":"plain","optional":true},"tags":{"type":["map","string"],"description_kind":"plain","optional":true},"target_minor_version":{"type":"string","description_kind":"plain","optional":true,"computed":true},"tde_status":{"type":"string","description_kind":"plain","optional":true},"upgrade_db_instance_kernel_version":{"type":"bool","description_kind":"plain","optional":true},"upgrade_time":{"type":"string","description_kind":"plain","optional":true},"vswitch_id":{"type":"string","description_kind":"plain","optional":true},"whitelist_network_type":{"type":"string","description_kind":"plain","optional":true},"zone_id":{"type":"string","description_kind":"plain","optional":true,"computed":true},"zone_id_slave_a":{"type":"string","description_kind":"plain","optional":true},"zone_id_slave_b":{"type":"string","description_kind":"plain","optional":true}},"block_types":{"parameters":{"nesting_mode":"set","block":{"attributes":{"name":{"type":"string","description_kind":"plain","required":true},"value":{"type":"string","description_kind":"plain","required":true}},"description_kind":"plain"}},"timeouts":{"nesting_mode":"single","block":{"attributes":{"create":{"type":"string","description_kind":"plain","optional":true},"delete":{"type":"string","description_kind":"plain","optional":true},"update":{"type":"string","description_kind":"plain","optional":true}},"description_kind":"plain"}}},"description_kind":"plain"}},"alicloud_db_read_write_splitting_connection":{"version":0,"block":{"attributes":{"connection_prefix":{"type":"string","description_kind":"plain","optional":true},"connection_string":{"type":"string","description_kind":"plain","computed":true},"distribution_type":{"type":"string","description_kind":"plain","required":true},"id":{"type":"string","description_kind":"plain","optional":true,"computed":true},"instance_id":{"type":"string","description_kind":"plain","required":true},"max_delay_time":{"type":"number","description_kind":"plain","optional":true,"computed":true},"port":{"type":"number","description_kind":"plain","optional":true,"computed":true},"weight":{"type":["map","string"],"description_kind":"plain","optional":true}},"description_kind":"plain"}},"alicloud_db_readonly_instance":{"version":0,"block":{"attributes":{"acl":{"type":"string","description_kind":"plain","optional":true,"computed":true},"ca_type":{"type":"string","description_kind":"plain","optional":true,"computed":true},"client_ca_cert":{"type":"string","description_kind":"plain","optional":true},"client_ca_enabled":{"type":"number","description_kind":"plain","optional":true},"client_cert_revocation_list":{"type":"string","description_kind":"plain","optional":true},"client_crl_enabled":{"type":"number","description_kind":"plain","optional":true},"connection_string":{"type":"string","description_kind":"plain","computed":true},"engine":{"type":"string","description_kind":"plain","computed":true},"engine_version":{"type":"string","description_kind":"plain","required":true},"force_restart":{"type":"bool","description_kind":"plain","optional":true},"id":{"type":"string","description_kind":"plain","optional":true,"computed":true},"instance_name":{"type":"string","description_kind":"plain","optional":true,"computed":true},"instance_storage":{"type":"number","description_kind":"plain","required":true},"instance_type":{"type":"string","description_kind":"plain","required":true},"master_db_instance_id":{"type":"string","description_kind":"plain","required":true},"port":{"type":"string","description_kind":"plain","computed":true},"replication_acl":{"type":"string","description_kind":"plain","optional":true,"computed":true},"resource_group_id":{"type":"string","description_kind":"plain","optional":true,"computed":true},"server_cert":{"type":"string","description_kind":"plain","optional":true,"computed":true},"server_key":{"type":"string","description_kind":"plain","optional":true,"computed":true},"ssl_enabled":{"type":"number","description_kind":"plain","optional":true,"computed":true},"switch_time":{"type":"string","description_kind":"plain","optional":true},"tags":{"type":["map","string"],"description_kind":"plain","optional":true},"target_minor_version":{"type":"string","description_kind":"plain","optional":true,"computed":true},"upgrade_db_instance_kernel_version":{"type":"bool","description_kind":"plain","optional":true},"upgrade_time":{"type":"string","description_kind":"plain","optional":true},"vswitch_id":{"type":"string","description_kind":"plain","optional":true},"zone_id":{"type":"string","description_kind":"plain","optional":true,"computed":true}},"block_types":{"parameters":{"nesting_mode":"set","block":{"attributes":{"name":{"type":"string","description_kind":"plain","required":true},"value":{"type":"string","description_kind":"plain","required":true}},"description_kind":"plain"}},"timeouts":{"nesting_mode":"single","block":{"attributes":{"create":{"type":"string","description_kind":"plain","optional":true},"delete":{"type":"string","description_kind":"plain","optional":true},"update":{"type":"string","description_kind":"plain","optional":true}},"description_kind":"plain"}}},"description_kind":"plain"}},"alicloud_dcdn_domain":{"version":0,"block":{"attributes":{"cert_name":{"type":"string","description_kind":"plain","optional":true,"computed":true},"cert_type":{"type":"string","description_kind":"plain","optional":true},"check_url":{"type":"string","description_kind":"plain","optional":true},"domain_name":{"type":"string","description_kind":"plain","required":true},"force_set":{"type":"string","description_kind":"plain","optional":true},"id":{"type":"string","description_kind":"plain","optional":true,"computed":true},"resource_group_id":{"type":"string","description_kind":"plain","optional":true,"computed":true},"scope":{"type":"string","description_kind":"plain","optional":true},"security_token":{"type":"string","description_kind":"plain","optional":true},"ssl_pri":{"type":"string","description_kind":"plain","optional":true},"ssl_protocol":{"type":"string","description_kind":"plain","optional":true},"ssl_pub":{"type":"string","description_kind":"plain","optional":true},"status":{"type":"string","description_kind":"plain","optional":true},"top_level_domain":{"type":"string","description_kind":"plain","optional":true}},"block_types":{"sources":{"nesting_mode":"set","block":{"attributes":{"content":{"type":"string","description_kind":"plain","required":true},"port":{"type":"number","description_kind":"plain","optional":true},"priority":{"type":"string","description_kind":"plain","optional":true},"type":{"type":"string","description_kind":"plain","required":true},"weight":{"type":"string","description_kind":"plain","optional":true}},"description_kind":"plain"},"min_items":1},"timeouts":{"nesting_mode":"single","block":{"attributes":{"create":{"type":"string","description_kind":"plain","optional":true},"delete":{"type":"string","description_kind":"plain","optional":true},"update":{"type":"string","description_kind":"plain","optional":true}},"description_kind":"plain"}}},"description_kind":"plain"}},"alicloud_ddosbgp_instance":{"version":0,"block":{"attributes":{"bandwidth":{"type":"number","description_kind":"plain","required":true},"base_bandwidth":{"type":"number","description_kind":"plain","optional":true},"id":{"type":"string","description_kind":"plain","optional":true,"computed":true},"ip_count":{"type":"number","description_kind":"plain","required":true},"ip_type":{"type":"string","description_kind":"plain","required":true},"name":{"type":"string","description_kind":"plain","optional":true},"period":{"type":"number","description_kind":"plain","optional":true},"type":{"type":"string","description_kind":"plain","optional":true}},"description_kind":"plain"}},"alicloud_ddoscoo_domain_resource":{"version":0,"block":{"attributes":{"domain":{"type":"string","description_kind":"plain","required":true},"https_ext":{"type":"string","description_kind":"plain","optional":true,"computed":true},"id":{"type":"string","description_kind":"plain","optional":true,"computed":true},"instance_ids":{"type":["list","string"],"description_kind":"plain","required":true},"real_servers":{"type":["list","string"],"description_kind":"plain","required":true},"rs_type":{"type":"number","description_kind":"plain","required":true}},"block_types":{"proxy_types":{"nesting_mode":"set","block":{"attributes":{"proxy_ports":{"type":["list","number"],"description_kind":"plain","optional":true},"proxy_type":{"type":"string","description_kind":"plain","optional":true}},"description_kind":"plain"},"min_items":1}},"description_kind":"plain"}},"alicloud_ddoscoo_instance":{"version":0,"block":{"attributes":{"bandwidth":{"type":"string","description_kind":"plain","required":true},"base_bandwidth":{"type":"string","description_kind":"plain","required":true},"domain_count":{"type":"string","description_kind":"plain","required":true},"id":{"type":"string","description_kind":"plain","optional":true,"computed":true},"name":{"type":"string","description_kind":"plain","required":true},"period":{"type":"number","description_kind":"plain","optional":true},"port_count":{"type":"string","description_kind":"plain","required":true},"product_type":{"type":"string","description_kind":"plain","optional":true},"service_bandwidth":{"type":"string","description_kind":"plain","required":true}},"description_kind":"plain"}},"alicloud_ddoscoo_port":{"version":0,"block":{"attributes":{"backend_port":{"type":"string","description_kind":"plain","optional":true},"frontend_port":{"type":"string","description_kind":"plain","required":true},"frontend_protocol":{"type":"string","description_kind":"plain","required":true},"id":{"type":"string","description_kind":"plain","optional":true,"computed":true},"instance_id":{"type":"string","description_kind":"plain","required":true},"real_servers":{"type":["list","string"],"description_kind":"plain","required":true}},"description_kind":"plain"}},"alicloud_ddoscoo_scheduler_rule":{"version":0,"block":{"attributes":{"cname":{"type":"string","description_kind":"plain","computed":true},"id":{"type":"string","description_kind":"plain","optional":true,"computed":true},"param":{"type":"string","description_kind":"plain","optional":true},"resource_group_id":{"type":"string","description_kind":"plain","optional":true},"rule_name":{"type":"string","description_kind":"plain","required":true},"rule_type":{"type":"number","description_kind":"plain","required":true}},"block_types":{"rules":{"nesting_mode":"set","block":{"attributes":{"priority":{"type":"number","description_kind":"plain","optional":true},"region_id":{"type":"string","description_kind":"plain","optional":true},"status":{"type":"number","description_kind":"plain","computed":true},"type":{"type":"string","description_kind":"plain","optional":true},"value":{"type":"string","description_kind":"plain","optional":true},"value_type":{"type":"number","description_kind":"plain","optional":true}},"description_kind":"plain"},"min_items":1}},"description_kind":"plain"}},"alicloud_direct_mail_receivers":{"version":0,"block":{"attributes":{"description":{"type":"string","description_kind":"plain","optional":true},"id":{"type":"string","description_kind":"plain","optional":true,"computed":true},"receivers_alias":{"type":"string","description_kind":"plain","required":true},"receivers_name":{"type":"string","description_kind":"plain","required":true},"status":{"type":"number","description_kind":"plain","computed":true}},"description_kind":"plain"}},"alicloud_disk":{"version":0,"block":{"attributes":{"advanced_features":{"type":"string","description_kind":"plain","optional":true},"availability_zone":{"type":"string","description_kind":"plain","optional":true,"computed":true},"category":{"type":"string","description_kind":"plain","optional":true},"dedicated_block_storage_cluster_id":{"type":"string","description_kind":"plain","optional":true},"delete_auto_snapshot":{"type":"bool","description_kind":"plain","optional":true},"delete_with_instance":{"type":"bool","description_kind":"plain","optional":true},"description":{"type":"string","description_kind":"plain","optional":true},"disk_name":{"type":"string","description_kind":"plain","optional":true,"computed":true},"dry_run":{"type":"bool","description_kind":"plain","optional":true},"enable_auto_snapshot":{"type":"bool","description_kind":"plain","optional":true},"encrypt_algorithm":{"type":"string","description_kind":"plain","optional":true},"encrypted":{"type":"bool","description_kind":"plain","optional":true},"id":{"type":"string","description_kind":"plain","optional":true,"computed":true},"instance_id":{"type":"string","description_kind":"plain","optional":true,"computed":true},"kms_key_id":{"type":"string","description_kind":"plain","optional":true},"name":{"type":"string","description_kind":"plain","optional":true,"computed":true},"payment_type":{"type":"string","description_kind":"plain","optional":true,"computed":true},"performance_level":{"type":"string","description_kind":"plain","optional":true,"computed":true},"resource_group_id":{"type":"string","description_kind":"plain","optional":true},"size":{"type":"number","description_kind":"plain","optional":true},"snapshot_id":{"type":"string","description_kind":"plain","optional":true},"status":{"type":"string","description_kind":"plain","computed":true},"storage_set_id":{"type":"string","description_kind":"plain","optional":true},"storage_set_partition_number":{"type":"number","description_kind":"plain","optional":true},"tags":{"type":["map","string"],"description_kind":"plain","optional":true},"type":{"type":"string","description_kind":"plain","optional":true},"zone_id":{"type":"string","description_kind":"plain","optional":true,"computed":true}},"block_types":{"timeouts":{"nesting_mode":"single","block":{"attributes":{"create":{"type":"string","description_kind":"plain","optional":true},"delete":{"type":"string","description_kind":"plain","optional":true},"update":{"type":"string","description_kind":"plain","optional":true}},"description_kind":"plain"}}},"description_kind":"plain"}},"alicloud_disk_attachment":{"version":0,"block":{"attributes":{"bootable":{"type":"bool","description_kind":"plain","optional":true},"delete_with_instance":{"type":"bool","description_kind":"plain","optional":true},"device":{"type":"string","description_kind":"plain","computed":true},"disk_id":{"type":"string","description_kind":"plain","required":true},"id":{"type":"string","description_kind":"plain","optional":true,"computed":true},"instance_id":{"type":"string","description_kind":"plain","required":true},"key_pair_name":{"type":"string","description_kind":"plain","optional":true},"password":{"type":"string","description_kind":"plain","optional":true}},"block_types":{"timeouts":{"nesting_mode":"single","block":{"attributes":{"create":{"type":"string","description_kind":"plain","optional":true},"delete":{"type":"string","description_kind":"plain","optional":true}},"description_kind":"plain"}}},"description_kind":"plain"}},"alicloud_dms_enterprise_instance":{"version":0,"block":{"attributes":{"data_link_name":{"type":"string","description_kind":"plain","optional":true},"database_password":{"type":"string","description_kind":"plain","required":true,"sensitive":true},"database_user":{"type":"string","description_kind":"plain","required":true},"dba_id":{"type":"string","description_kind":"plain","optional":true,"computed":true},"dba_nick_name":{"type":"string","description_kind":"plain","computed":true},"dba_uid":{"type":"number","description_kind":"plain","required":true},"ddl_online":{"type":"number","description_kind":"plain","optional":true},"ecs_instance_id":{"type":"string","description_kind":"plain","optional":true,"computed":true},"ecs_region":{"type":"string","description_kind":"plain","optional":true},"env_type":{"type":"string","description_kind":"plain","required":true},"export_timeout":{"type":"number","description_kind":"plain","required":true},"host":{"type":"string","description_kind":"plain","required":true},"id":{"type":"string","description_kind":"plain","optional":true,"computed":true},"instance_alias":{"type":"string","description_kind":"plain","optional":true,"computed":true},"instance_id":{"type":"string","description_kind":"plain","optional":true,"computed":true},"instance_name":{"type":"string","description_kind":"plain","optional":true,"computed":true},"instance_source":{"type":"string","description_kind":"plain","required":true},"instance_type":{"type":"string","description_kind":"plain","required":true},"network_type":{"type":"string","description_kind":"plain","required":true},"port":{"type":"number","description_kind":"plain","required":true},"query_timeout":{"type":"number","description_kind":"plain","required":true},"safe_rule":{"type":"string","description_kind":"plain","required":true},"safe_rule_id":{"type":"string","description_kind":"plain","optional":true,"computed":true},"sid":{"type":"string","description_kind":"plain","optional":true},"skip_test":{"type":"bool","description_kind":"plain","optional":true},"state":{"type":"string","description_kind":"plain","computed":true},"status":{"type":"string","description_kind":"plain","computed":true},"tid":{"type":"number","description_kind":"plain","optional":true},"use_dsql":{"type":"number","description_kind":"plain","optional":true},"vpc_id":{"type":"string","description_kind":"plain","optional":true}},"block_types":{"timeouts":{"nesting_mode":"single","block":{"attributes":{"create":{"type":"string","description_kind":"plain","optional":true}},"description_kind":"plain"}}},"description_kind":"plain"}},"alicloud_dms_enterprise_user":{"version":0,"block":{"attributes":{"id":{"type":"string","description_kind":"plain","optional":true,"computed":true},"max_execute_count":{"type":"number","description_kind":"plain","optional":true},"max_result_count":{"type":"number","description_kind":"plain","optional":true},"mobile":{"type":"string","description_kind":"plain","optional":true},"nick_name":{"type":"string","description_kind":"plain","optional":true,"computed":true},"role_names":{"type":["set","string"],"description_kind":"plain","optional":true},"status":{"type":"string","description_kind":"plain","optional":true},"tid":{"type":"number","description_kind":"plain","optional":true},"uid":{"type":"string","description_kind":"plain","required":true},"user_name":{"type":"string","description_kind":"plain","optional":true,"computed":true}},"description_kind":"plain"}},"alicloud_dns":{"version":0,"block":{"attributes":{"dns_server":{"type":["set","string"],"description_kind":"plain","computed":true},"domain_id":{"type":"string","description_kind":"plain","computed":true},"group_id":{"type":"string","description_kind":"plain","optional":true},"id":{"type":"string","description_kind":"plain","optional":true,"computed":true},"name":{"type":"string","description_kind":"plain","required":true},"resource_group_id":{"type":"string","description_kind":"plain","optional":true}},"description_kind":"plain"}},"alicloud_dns_domain":{"version":0,"block":{"attributes":{"dns_servers":{"type":["set","string"],"description_kind":"plain","computed":true},"domain_id":{"type":"string","description_kind":"plain","computed":true},"domain_name":{"type":"string","description_kind":"plain","required":true},"group_id":{"type":"string","description_kind":"plain","optional":true},"group_name":{"type":"string","description_kind":"plain","computed":true},"id":{"type":"string","description_kind":"plain","optional":true,"computed":true},"lang":{"type":"string","description_kind":"plain","optional":true},"puny_code":{"type":"string","description_kind":"plain","computed":true},"remark":{"type":"string","description_kind":"plain","optional":true},"resource_group_id":{"type":"string","description_kind":"plain","optional":true,"computed":true},"tags":{"type":["map","string"],"description_kind":"plain","optional":true}},"block_types":{"timeouts":{"nesting_mode":"single","block":{"attributes":{"delete":{"type":"string","description_kind":"plain","optional":true}},"description_kind":"plain"}}},"description_kind":"plain"}},"alicloud_dns_domain_attachment":{"version":0,"block":{"attributes":{"domain_names":{"type":["set","string"],"description_kind":"plain","required":true},"id":{"type":"string","description_kind":"plain","optional":true,"computed":true},"instance_id":{"type":"string","description_kind":"plain","required":true}},"description_kind":"plain"}},"alicloud_dns_group":{"version":0,"block":{"attributes":{"id":{"type":"string","description_kind":"plain","optional":true,"computed":true},"name":{"type":"string","description_kind":"plain","required":true}},"description_kind":"plain"}},"alicloud_dns_instance":{"version":0,"block":{"attributes":{"dns_security":{"type":"string","description_kind":"plain","required":true},"domain_numbers":{"type":"string","description_kind":"plain","required":true},"id":{"type":"string","description_kind":"plain","optional":true,"computed":true},"payment_type":{"type":"string","description_kind":"plain","optional":true},"period":{"type":"number","description_kind":"plain","optional":true},"renew_period":{"type":"number","description_kind":"plain","optional":true},"renewal_status":{"type":"string","description_kind":"plain","optional":true,"computed":true},"version_code":{"type":"string","description_kind":"plain","required":true},"version_name":{"type":"string","description_kind":"plain","computed":true}},"description_kind":"plain"}},"alicloud_dns_record":{"version":0,"block":{"attributes":{"host_record":{"type":"string","description_kind":"plain","required":true},"id":{"type":"string","description_kind":"plain","optional":true,"computed":true},"locked":{"type":"bool","description_kind":"plain","computed":true},"name":{"type":"string","description_kind":"plain","required":true},"priority":{"type":"number","description_kind":"plain","optional":true},"routing":{"type":"string","description_kind":"plain","optional":true},"status":{"type":"string","description_kind":"plain","computed":true},"ttl":{"type":"number","description_kind":"plain","optional":true},"type":{"type":"string","description_kind":"plain","required":true},"value":{"type":"string","description_kind":"plain","required":true}},"description_kind":"plain"}},"alicloud_drds_instance":{"version":0,"block":{"attributes":{"description":{"type":"string","description_kind":"plain","required":true},"id":{"type":"string","description_kind":"plain","optional":true,"computed":true},"instance_charge_type":{"type":"string","description_kind":"plain","optional":true},"instance_series":{"type":"string","description_kind":"plain","required":true},"specification":{"type":"string","description_kind":"plain","required":true},"vswitch_id":{"type":"string","description_kind":"plain","required":true},"zone_id":{"type":"string","description_kind":"plain","required":true}},"block_types":{"timeouts":{"nesting_mode":"single","block":{"attributes":{"create":{"type":"string","description_kind":"plain","optional":true},"delete":{"type":"string","description_kind":"plain","optional":true},"update":{"type":"string","description_kind":"plain","optional":true}},"description_kind":"plain"}}},"description_kind":"plain"}},"alicloud_ecd_policy_group":{"version":0,"block":{"attributes":{"clipboard":{"type":"string","description_kind":"plain","optional":true,"computed":true},"domain_list":{"type":"string","description_kind":"plain","optional":true},"html_access":{"type":"string","description_kind":"plain","optional":true,"computed":true},"html_file_transfer":{"type":"string","description_kind":"plain","optional":true,"computed":true},"id":{"type":"string","description_kind":"plain","optional":true,"computed":true},"local_drive":{"type":"string","description_kind":"plain","optional":true,"computed":true},"policy_group_name":{"type":"string","description_kind":"plain","optional":true},"status":{"type":"string","description_kind":"plain","computed":true},"usb_redirect":{"type":"string","description_kind":"plain","optional":true,"computed":true},"visual_quality":{"type":"string","description_kind":"plain","optional":true,"computed":true},"watermark":{"type":"string","description_kind":"plain","optional":true,"computed":true},"watermark_transparency":{"type":"string","description_kind":"plain","optional":true,"computed":true},"watermark_type":{"type":"string","description_kind":"plain","optional":true,"computed":true}},"block_types":{"authorize_access_policy_rules":{"nesting_mode":"set","block":{"attributes":{"cidr_ip":{"type":"string","description_kind":"plain","optional":true},"description":{"type":"string","description_kind":"plain","optional":true}},"description_kind":"plain"}},"authorize_security_policy_rules":{"nesting_mode":"set","block":{"attributes":{"cidr_ip":{"type":"string","description_kind":"plain","optional":true},"description":{"type":"string","description_kind":"plain","optional":true},"ip_protocol":{"type":"string","description_kind":"plain","optional":true},"policy":{"type":"string","description_kind":"plain","optional":true},"port_range":{"type":"string","description_kind":"plain","optional":true},"priority":{"type":"string","description_kind":"plain","optional":true},"type":{"type":"string","description_kind":"plain","optional":true}},"description_kind":"plain"}}},"description_kind":"plain"}},"alicloud_eci_container_group":{"version":0,"block":{"attributes":{"container_group_name":{"type":"string","description_kind":"plain","required":true},"cpu":{"type":"number","description_kind":"plain","optional":true},"id":{"type":"string","description_kind":"plain","optional":true,"computed":true},"instance_type":{"type":"string","description_kind":"plain","optional":true},"memory":{"type":"number","description_kind":"plain","optional":true},"ram_role_name":{"type":"string","description_kind":"plain","optional":true},"resource_group_id":{"type":"string","description_kind":"plain","optional":true,"computed":true},"restart_policy":{"type":"string","description_kind":"plain","optional":true},"security_group_id":{"type":"string","description_kind":"plain","required":true},"status":{"type":"string","description_kind":"plain","computed":true},"tags":{"type":["map","string"],"description_kind":"plain","optional":true},"vswitch_id":{"type":"string","description_kind":"plain","required":true},"zone_id":{"type":"string","description_kind":"plain","optional":true,"computed":true}},"block_types":{"containers":{"nesting_mode":"set","block":{"attributes":{"args":{"type":["list","string"],"description_kind":"plain","optional":true},"commands":{"type":["list","string"],"description_kind":"plain","optional":true},"cpu":{"type":"number","description_kind":"plain","optional":true},"gpu":{"type":"number","description_kind":"plain","optional":true},"image":{"type":"string","description_kind":"plain","required":true},"image_pull_policy":{"type":"string","description_kind":"plain","optional":true},"memory":{"type":"number","description_kind":"plain","optional":true},"name":{"type":"string","description_kind":"plain","required":true},"ready":{"type":"bool","description_kind":"plain","computed":true},"restart_count":{"type":"number","description_kind":"plain","computed":true},"working_dir":{"type":"string","description_kind":"plain","optional":true}},"block_types":{"environment_vars":{"nesting_mode":"list","block":{"attributes":{"key":{"type":"string","description_kind":"plain","optional":true},"value":{"type":"string","description_kind":"plain","optional":true}},"description_kind":"plain"}},"ports":{"nesting_mode":"list","block":{"attributes":{"port":{"type":"number","description_kind":"plain","optional":true},"protocol":{"type":"string","description_kind":"plain","optional":true}},"description_kind":"plain"}},"volume_mounts":{"nesting_mode":"list","block":{"attributes":{"mount_path":{"type":"string","description_kind":"plain","optional":true},"name":{"type":"string","description_kind":"plain","optional":true},"read_only":{"type":"bool","description_kind":"plain","optional":true}},"description_kind":"plain"}}},"description_kind":"plain"},"min_items":1},"dns_config":{"nesting_mode":"set","block":{"attributes":{"name_servers":{"type":["list","string"],"description_kind":"plain","optional":true},"searches":{"type":["list","string"],"description_kind":"plain","optional":true}},"block_types":{"options":{"nesting_mode":"list","block":{"attributes":{"name":{"type":"string","description_kind":"plain","optional":true},"value":{"type":"string","description_kind":"plain","optional":true}},"description_kind":"plain"}}},"description_kind":"plain"},"max_items":1},"eci_security_context":{"nesting_mode":"set","block":{"block_types":{"sysctls":{"nesting_mode":"list","block":{"attributes":{"name":{"type":"string","description_kind":"plain","optional":true},"value":{"type":"string","description_kind":"plain","optional":true}},"description_kind":"plain"}}},"description_kind":"plain"},"max_items":1},"host_aliases":{"nesting_mode":"list","block":{"attributes":{"hostnames":{"type":["list","string"],"description_kind":"plain","optional":true},"ip":{"type":"string","description_kind":"plain","optional":true}},"description_kind":"plain"}},"init_containers":{"nesting_mode":"list","block":{"attributes":{"args":{"type":["list","string"],"description_kind":"plain","optional":true},"commands":{"type":["list","string"],"description_kind":"plain","optional":true},"cpu":{"type":"number","description_kind":"plain","optional":true},"gpu":{"type":"number","description_kind":"plain","optional":true},"image":{"type":"string","description_kind":"plain","optional":true},"image_pull_policy":{"type":"string","description_kind":"plain","optional":true},"memory":{"type":"number","description_kind":"plain","optional":true},"name":{"type":"string","description_kind":"plain","optional":true},"ready":{"type":"bool","description_kind":"plain","computed":true},"restart_count":{"type":"number","description_kind":"plain","computed":true},"working_dir":{"type":"string","description_kind":"plain","optional":true}},"block_types":{"environment_vars":{"nesting_mode":"list","block":{"attributes":{"key":{"type":"string","description_kind":"plain","optional":true},"value":{"type":"string","description_kind":"plain","optional":true}},"description_kind":"plain"}},"ports":{"nesting_mode":"list","block":{"attributes":{"port":{"type":"number","description_kind":"plain","optional":true},"protocol":{"type":"string","description_kind":"plain","optional":true}},"description_kind":"plain"}},"volume_mounts":{"nesting_mode":"list","block":{"attributes":{"mount_path":{"type":"string","description_kind":"plain","optional":true},"name":{"type":"string","description_kind":"plain","optional":true},"read_only":{"type":"bool","description_kind":"plain","optional":true}},"description_kind":"plain"}}},"description_kind":"plain"}},"timeouts":{"nesting_mode":"single","block":{"attributes":{"create":{"type":"string","description_kind":"plain","optional":true},"update":{"type":"string","description_kind":"plain","optional":true}},"description_kind":"plain"}},"volumes":{"nesting_mode":"list","block":{"attributes":{"disk_volume_disk_id":{"type":"string","description_kind":"plain","optional":true},"disk_volume_fs_type":{"type":"string","description_kind":"plain","optional":true},"flex_volume_driver":{"type":"string","description_kind":"plain","optional":true},"flex_volume_fs_type":{"type":"string","description_kind":"plain","optional":true},"flex_volume_options":{"type":"string","description_kind":"plain","optional":true},"name":{"type":"string","description_kind":"plain","optional":true},"nfs_volume_path":{"type":"string","description_kind":"plain","optional":true},"nfs_volume_read_only":{"type":"bool","description_kind":"plain","optional":true},"nfs_volume_server":{"type":"string","description_kind":"plain","optional":true},"type":{"type":"string","description_kind":"plain","optional":true}},"block_types":{"config_file_volume_config_file_to_paths":{"nesting_mode":"list","block":{"attributes":{"content":{"type":"string","description_kind":"plain","optional":true},"path":{"type":"string","description_kind":"plain","optional":true}},"description_kind":"plain"}}},"description_kind":"plain"}}},"description_kind":"plain"}},"alicloud_eci_image_cache":{"version":0,"block":{"attributes":{"container_group_id":{"type":"string","description_kind":"plain","computed":true},"eip_instance_id":{"type":"string","description_kind":"plain","optional":true},"id":{"type":"string","description_kind":"plain","optional":true,"computed":true},"image_cache_name":{"type":"string","description_kind":"plain","required":true},"image_cache_size":{"type":"number","description_kind":"plain","optional":true},"images":{"type":["set","string"],"description_kind":"plain","required":true},"resource_group_id":{"type":"string","description_kind":"plain","optional":true},"retention_days":{"type":"number","description_kind":"plain","optional":true},"security_group_id":{"type":"string","description_kind":"plain","required":true},"status":{"type":"string","description_kind":"plain","computed":true},"vswitch_id":{"type":"string","description_kind":"plain","required":true},"zone_id":{"type":"string","description_kind":"plain","optional":true}},"block_types":{"image_registry_credential":{"nesting_mode":"set","block":{"attributes":{"password":{"type":"string","description_kind":"plain","optional":true},"server":{"type":"string","description_kind":"plain","optional":true},"user_name":{"type":"string","description_kind":"plain","optional":true}},"description_kind":"plain"}},"timeouts":{"nesting_mode":"single","block":{"attributes":{"create":{"type":"string","description_kind":"plain","optional":true}},"description_kind":"plain"}}},"description_kind":"plain"}},"alicloud_eci_openapi_image_cache":{"version":0,"block":{"attributes":{"container_group_id":{"type":"string","description_kind":"plain","computed":true},"eip_instance_id":{"type":"string","description_kind":"plain","optional":true},"id":{"type":"string","description_kind":"plain","optional":true,"computed":true},"image_cache_name":{"type":"string","description_kind":"plain","required":true},"image_cache_size":{"type":"number","description_kind":"plain","optional":true},"images":{"type":["set","string"],"description_kind":"plain","required":true},"resource_group_id":{"type":"string","description_kind":"plain","optional":true},"retention_days":{"type":"number","description_kind":"plain","optional":true},"security_group_id":{"type":"string","description_kind":"plain","required":true},"status":{"type":"string","description_kind":"plain","computed":true},"vswitch_id":{"type":"string","description_kind":"plain","required":true},"zone_id":{"type":"string","description_kind":"plain","optional":true}},"block_types":{"image_registry_credential":{"nesting_mode":"set","block":{"attributes":{"password":{"type":"string","description_kind":"plain","optional":true},"server":{"type":"string","description_kind":"plain","optional":true},"user_name":{"type":"string","description_kind":"plain","optional":true}},"description_kind":"plain"}},"timeouts":{"nesting_mode":"single","block":{"attributes":{"create":{"type":"string","description_kind":"plain","optional":true}},"description_kind":"plain"}}},"description_kind":"plain"}},"alicloud_ecp_key_pair":{"version":0,"block":{"attributes":{"id":{"type":"string","description_kind":"plain","optional":true,"computed":true},"key_pair_name":{"type":"string","description_kind":"plain","required":true},"public_key_body":{"type":"string","description_kind":"plain","required":true}},"description_kind":"plain"}},"alicloud_ecs_auto_snapshot_policy":{"version":0,"block":{"attributes":{"copied_snapshots_retention_days":{"type":"number","description_kind":"plain","optional":true},"enable_cross_region_copy":{"type":"bool","description_kind":"plain","optional":true},"id":{"type":"string","description_kind":"plain","optional":true,"computed":true},"name":{"type":"string","description_kind":"plain","optional":true},"repeat_weekdays":{"type":["set","string"],"description_kind":"plain","required":true},"retention_days":{"type":"number","description_kind":"plain","required":true},"status":{"type":"string","description_kind":"plain","computed":true},"tags":{"type":["map","string"],"description_kind":"plain","optional":true},"target_copy_regions":{"type":["set","string"],"description_kind":"plain","optional":true},"time_points":{"type":["set","string"],"description_kind":"plain","required":true}},"block_types":{"timeouts":{"nesting_mode":"single","block":{"attributes":{"create":{"type":"string","description_kind":"plain","optional":true},"delete":{"type":"string","description_kind":"plain","optional":true}},"description_kind":"plain"}}},"description_kind":"plain"}},"alicloud_ecs_auto_snapshot_policy_attachment":{"version":0,"block":{"attributes":{"auto_snapshot_policy_id":{"type":"string","description_kind":"plain","required":true},"disk_id":{"type":"string","description_kind":"plain","required":true},"id":{"type":"string","description_kind":"plain","optional":true,"computed":true}},"description_kind":"plain"}},"alicloud_ecs_command":{"version":0,"block":{"attributes":{"command_content":{"type":"string","description_kind":"plain","required":true},"description":{"type":"string","description_kind":"plain","optional":true},"enable_parameter":{"type":"bool","description_kind":"plain","optional":true},"id":{"type":"string","description_kind":"plain","optional":true,"computed":true},"name":{"type":"string","description_kind":"plain","required":true},"timeout":{"type":"number","description_kind":"plain","optional":true},"type":{"type":"string","description_kind":"plain","required":true},"working_dir":{"type":"string","description_kind":"plain","optional":true}},"description_kind":"plain"}},"alicloud_ecs_dedicated_host":{"version":0,"block":{"attributes":{"action_on_maintenance":{"type":"string","description_kind":"plain","optional":true},"auto_placement":{"type":"string","description_kind":"plain","optional":true},"auto_release_time":{"type":"string","description_kind":"plain","optional":true},"auto_renew":{"type":"bool","description_kind":"plain","optional":true},"auto_renew_period":{"type":"number","description_kind":"plain","optional":true},"cpu_over_commit_ratio":{"type":"number","description_kind":"plain","optional":true},"dedicated_host_cluster_id":{"type":"string","description_kind":"plain","optional":true},"dedicated_host_name":{"type":"string","description_kind":"plain","optional":true},"dedicated_host_type":{"type":"string","description_kind":"plain","required":true},"description":{"type":"string","description_kind":"plain","optional":true},"detail_fee":{"type":"bool","description_kind":"plain","optional":true},"dry_run":{"type":"bool","description_kind":"plain","optional":true},"expired_time":{"type":"string","description_kind":"plain","optional":true,"computed":true},"id":{"type":"string","description_kind":"plain","optional":true,"computed":true},"min_quantity":{"type":"number","description_kind":"plain","optional":true},"payment_type":{"type":"string","description_kind":"plain","optional":true},"resource_group_id":{"type":"string","description_kind":"plain","optional":true,"computed":true},"sale_cycle":{"type":"string","description_kind":"plain","optional":true,"computed":true},"status":{"type":"string","description_kind":"plain","computed":true},"tags":{"type":["map","string"],"description_kind":"plain","optional":true},"zone_id":{"type":"string","description_kind":"plain","optional":true,"computed":true}},"block_types":{"network_attributes":{"nesting_mode":"set","block":{"attributes":{"slb_udp_timeout":{"type":"number","description_kind":"plain","optional":true},"udp_timeout":{"type":"number","description_kind":"plain","optional":true}},"description_kind":"plain"},"max_items":1},"timeouts":{"nesting_mode":"single","block":{"attributes":{"create":{"type":"string","description_kind":"plain","optional":true},"delete":{"type":"string","description_kind":"plain","optional":true},"update":{"type":"string","description_kind":"plain","optional":true}},"description_kind":"plain"}}},"description_kind":"plain"}},"alicloud_ecs_disk":{"version":0,"block":{"attributes":{"advanced_features":{"type":"string","description_kind":"plain","optional":true},"availability_zone":{"type":"string","description_kind":"plain","optional":true,"computed":true},"category":{"type":"string","description_kind":"plain","optional":true},"dedicated_block_storage_cluster_id":{"type":"string","description_kind":"plain","optional":true},"delete_auto_snapshot":{"type":"bool","description_kind":"plain","optional":true},"delete_with_instance":{"type":"bool","description_kind":"plain","optional":true},"description":{"type":"string","description_kind":"plain","optional":true},"disk_name":{"type":"string","description_kind":"plain","optional":true,"computed":true},"dry_run":{"type":"bool","description_kind":"plain","optional":true},"enable_auto_snapshot":{"type":"bool","description_kind":"plain","optional":true},"encrypt_algorithm":{"type":"string","description_kind":"plain","optional":true},"encrypted":{"type":"bool","description_kind":"plain","optional":true},"id":{"type":"string","description_kind":"plain","optional":true,"computed":true},"instance_id":{"type":"string","description_kind":"plain","optional":true,"computed":true},"kms_key_id":{"type":"string","description_kind":"plain","optional":true},"name":{"type":"string","description_kind":"plain","optional":true,"computed":true},"payment_type":{"type":"string","description_kind":"plain","optional":true,"computed":true},"performance_level":{"type":"string","description_kind":"plain","optional":true,"computed":true},"resource_group_id":{"type":"string","description_kind":"plain","optional":true},"size":{"type":"number","description_kind":"plain","optional":true},"snapshot_id":{"type":"string","description_kind":"plain","optional":true},"status":{"type":"string","description_kind":"plain","computed":true},"storage_set_id":{"type":"string","description_kind":"plain","optional":true},"storage_set_partition_number":{"type":"number","description_kind":"plain","optional":true},"tags":{"type":["map","string"],"description_kind":"plain","optional":true},"type":{"type":"string","description_kind":"plain","optional":true},"zone_id":{"type":"string","description_kind":"plain","optional":true,"computed":true}},"block_types":{"timeouts":{"nesting_mode":"single","block":{"attributes":{"create":{"type":"string","description_kind":"plain","optional":true},"delete":{"type":"string","description_kind":"plain","optional":true},"update":{"type":"string","description_kind":"plain","optional":true}},"description_kind":"plain"}}},"description_kind":"plain"}},"alicloud_ecs_disk_attachment":{"version":0,"block":{"attributes":{"bootable":{"type":"bool","description_kind":"plain","optional":true},"delete_with_instance":{"type":"bool","description_kind":"plain","optional":true},"device":{"type":"string","description_kind":"plain","computed":true},"disk_id":{"type":"string","description_kind":"plain","required":true},"id":{"type":"string","description_kind":"plain","optional":true,"computed":true},"instance_id":{"type":"string","description_kind":"plain","required":true},"key_pair_name":{"type":"string","description_kind":"plain","optional":true},"password":{"type":"string","description_kind":"plain","optional":true}},"block_types":{"timeouts":{"nesting_mode":"single","block":{"attributes":{"create":{"type":"string","description_kind":"plain","optional":true},"delete":{"type":"string","description_kind":"plain","optional":true}},"description_kind":"plain"}}},"description_kind":"plain"}},"alicloud_ecs_hpc_cluster":{"version":0,"block":{"attributes":{"description":{"type":"string","description_kind":"plain","optional":true},"id":{"type":"string","description_kind":"plain","optional":true,"computed":true},"name":{"type":"string","description_kind":"plain","required":true}},"description_kind":"plain"}},"alicloud_ecs_key_pair":{"version":0,"block":{"attributes":{"finger_print":{"type":"string","description_kind":"plain","computed":true},"id":{"type":"string","description_kind":"plain","optional":true,"computed":true},"key_file":{"type":"string","description_kind":"plain","optional":true},"key_name":{"type":"string","description_kind":"plain","optional":true,"computed":true},"key_name_prefix":{"type":"string","description_kind":"plain","optional":true},"key_pair_name":{"type":"string","description_kind":"plain","optional":true,"computed":true},"public_key":{"type":"string","description_kind":"plain","optional":true},"resource_group_id":{"type":"string","description_kind":"plain","optional":true},"tags":{"type":["map","string"],"description_kind":"plain","optional":true}},"block_types":{"timeouts":{"nesting_mode":"single","block":{"attributes":{"delete":{"type":"string","description_kind":"plain","optional":true}},"description_kind":"plain"}}},"description_kind":"plain"}},"alicloud_ecs_key_pair_attachment":{"version":0,"block":{"attributes":{"force":{"type":"bool","description_kind":"plain","optional":true},"id":{"type":"string","description_kind":"plain","optional":true,"computed":true},"instance_ids":{"type":["set","string"],"description_kind":"plain","required":true},"key_name":{"type":"string","description_kind":"plain","optional":true,"computed":true},"key_pair_name":{"type":"string","description_kind":"plain","optional":true,"computed":true}},"description_kind":"plain"}},"alicloud_ecs_launch_template":{"version":0,"block":{"attributes":{"auto_release_time":{"type":"string","description_kind":"plain","optional":true},"deployment_set_id":{"type":"string","description_kind":"plain","optional":true},"description":{"type":"string","description_kind":"plain","optional":true},"enable_vm_os_config":{"type":"bool","description_kind":"plain","optional":true},"host_name":{"type":"string","description_kind":"plain","optional":true},"id":{"type":"string","description_kind":"plain","optional":true,"computed":true},"image_id":{"type":"string","description_kind":"plain","optional":true},"image_owner_alias":{"type":"string","description_kind":"plain","optional":true},"instance_charge_type":{"type":"string","description_kind":"plain","optional":true},"instance_name":{"type":"string","description_kind":"plain","optional":true},"instance_type":{"type":"string","description_kind":"plain","optional":true},"internet_charge_type":{"type":"string","description_kind":"plain","optional":true},"internet_max_bandwidth_in":{"type":"number","description_kind":"plain","optional":true,"computed":true},"internet_max_bandwidth_out":{"type":"number","description_kind":"plain","optional":true},"io_optimized":{"type":"string","description_kind":"plain","optional":true},"key_pair_name":{"type":"string","description_kind":"plain","optional":true},"launch_template_name":{"type":"string","description_kind":"plain","optional":true,"computed":true},"name":{"type":"string","description_kind":"plain","optional":true,"computed":true},"network_type":{"type":"string","description_kind":"plain","optional":true},"password_inherit":{"type":"bool","description_kind":"plain","optional":true},"period":{"type":"number","description_kind":"plain","optional":true},"private_ip_address":{"type":"string","description_kind":"plain","optional":true},"ram_role_name":{"type":"string","description_kind":"plain","optional":true},"resource_group_id":{"type":"string","description_kind":"plain","optional":true},"security_enhancement_strategy":{"type":"string","description_kind":"plain","optional":true},"security_group_id":{"type":"string","description_kind":"plain","optional":true},"security_group_ids":{"type":["list","string"],"description_kind":"plain","optional":true},"spot_duration":{"type":"string","description_kind":"plain","optional":true},"spot_price_limit":{"type":"number","description_kind":"plain","optional":true},"spot_strategy":{"type":"string","description_kind":"plain","optional":true},"system_disk_category":{"type":"string","description_kind":"plain","optional":true,"computed":true},"system_disk_description":{"type":"string","description_kind":"plain","optional":true,"computed":true},"system_disk_name":{"type":"string","description_kind":"plain","optional":true,"computed":true},"system_disk_size":{"type":"number","description_kind":"plain","optional":true,"computed":true},"tags":{"type":["map","string"],"description_kind":"plain","optional":true},"template_resource_group_id":{"type":"string","description_kind":"plain","optional":true},"template_tags":{"type":["map","string"],"description_kind":"plain","optional":true},"user_data":{"type":"string","description_kind":"plain","optional":true,"computed":true},"userdata":{"type":"string","description_kind":"plain","optional":true,"computed":true},"version_description":{"type":"string","description_kind":"plain","optional":true},"vpc_id":{"type":"string","description_kind":"plain","optional":true},"vswitch_id":{"type":"string","description_kind":"plain","optional":true},"zone_id":{"type":"string","description_kind":"plain","optional":true}},"block_types":{"data_disks":{"nesting_mode":"set","block":{"attributes":{"category":{"type":"string","description_kind":"plain","optional":true},"delete_with_instance":{"type":"bool","description_kind":"plain","optional":true},"description":{"type":"string","description_kind":"plain","optional":true},"encrypted":{"type":"bool","description_kind":"plain","optional":true},"name":{"type":"string","description_kind":"plain","optional":true},"performance_level":{"type":"string","description_kind":"plain","optional":true},"size":{"type":"number","description_kind":"plain","optional":true},"snapshot_id":{"type":"string","description_kind":"plain","optional":true}},"description_kind":"plain"}},"network_interfaces":{"nesting_mode":"set","block":{"attributes":{"description":{"type":"string","description_kind":"plain","optional":true},"name":{"type":"string","description_kind":"plain","optional":true},"primary_ip":{"type":"string","description_kind":"plain","optional":true},"security_group_id":{"type":"string","description_kind":"plain","optional":true},"vswitch_id":{"type":"string","description_kind":"plain","optional":true}},"description_kind":"plain"},"max_items":1},"system_disk":{"nesting_mode":"set","block":{"attributes":{"category":{"type":"string","description_kind":"plain","optional":true,"computed":true},"delete_with_instance":{"type":"bool","description_kind":"plain","optional":true},"description":{"type":"string","description_kind":"plain","optional":true,"computed":true},"iops":{"type":"string","description_kind":"plain","optional":true},"name":{"type":"string","description_kind":"plain","optional":true,"computed":true},"performance_level":{"type":"string","description_kind":"plain","optional":true},"size":{"type":"number","description_kind":"plain","optional":true,"computed":true}},"description_kind":"plain"},"max_items":1}},"description_kind":"plain"}},"alicloud_ecs_network_interface":{"version":0,"block":{"attributes":{"description":{"type":"string","description_kind":"plain","optional":true},"id":{"type":"string","description_kind":"plain","optional":true,"computed":true},"mac":{"type":"string","description_kind":"plain","computed":true},"name":{"type":"string","description_kind":"plain","optional":true,"computed":true},"network_interface_name":{"type":"string","description_kind":"plain","optional":true,"computed":true},"primary_ip_address":{"type":"string","description_kind":"plain","optional":true,"computed":true},"private_ip":{"type":"string","description_kind":"plain","optional":true,"computed":true},"private_ip_addresses":{"type":["set","string"],"description_kind":"plain","optional":true,"computed":true},"private_ips":{"type":["set","string"],"description_kind":"plain","optional":true,"computed":true},"private_ips_count":{"type":"number","description_kind":"plain","optional":true,"computed":true},"queue_number":{"type":"number","description_kind":"plain","optional":true,"computed":true},"resource_group_id":{"type":"string","description_kind":"plain","optional":true},"secondary_private_ip_address_count":{"type":"number","description_kind":"plain","optional":true,"computed":true},"security_group_ids":{"type":["list","string"],"description_kind":"plain","optional":true,"computed":true},"security_groups":{"type":["list","string"],"description_kind":"plain","optional":true,"computed":true},"status":{"type":"string","description_kind":"plain","computed":true},"tags":{"type":["map","string"],"description_kind":"plain","optional":true},"vswitch_id":{"type":"string","description_kind":"plain","required":true}},"block_types":{"timeouts":{"nesting_mode":"single","block":{"attributes":{"create":{"type":"string","description_kind":"plain","optional":true},"delete":{"type":"string","description_kind":"plain","optional":true},"update":{"type":"string","description_kind":"plain","optional":true}},"description_kind":"plain"}}},"description_kind":"plain"}},"alicloud_ecs_network_interface_attachment":{"version":0,"block":{"attributes":{"id":{"type":"string","description_kind":"plain","optional":true,"computed":true},"instance_id":{"type":"string","description_kind":"plain","required":true},"network_interface_id":{"type":"string","description_kind":"plain","required":true},"trunk_network_instance_id":{"type":"string","description_kind":"plain","optional":true},"wait_for_network_configuration_ready":{"type":"bool","description_kind":"plain","optional":true}},"block_types":{"timeouts":{"nesting_mode":"single","block":{"attributes":{"create":{"type":"string","description_kind":"plain","optional":true},"delete":{"type":"string","description_kind":"plain","optional":true}},"description_kind":"plain"}}},"description_kind":"plain"}},"alicloud_ecs_snapshot":{"version":0,"block":{"attributes":{"category":{"type":"string","description_kind":"plain","optional":true},"description":{"type":"string","description_kind":"plain","optional":true},"disk_id":{"type":"string","description_kind":"plain","required":true},"force":{"type":"bool","description_kind":"plain","optional":true},"id":{"type":"string","description_kind":"plain","optional":true,"computed":true},"instant_access":{"type":"bool","description_kind":"plain","optional":true},"instant_access_retention_days":{"type":"number","description_kind":"plain","optional":true},"name":{"type":"string","description_kind":"plain","optional":true,"computed":true},"resource_group_id":{"type":"string","description_kind":"plain","optional":true},"retention_days":{"type":"number","description_kind":"plain","optional":true},"snapshot_name":{"type":"string","description_kind":"plain","optional":true,"computed":true},"status":{"type":"string","description_kind":"plain","computed":true},"tags":{"type":["map","string"],"description_kind":"plain","optional":true}},"block_types":{"timeouts":{"nesting_mode":"single","block":{"attributes":{"create":{"type":"string","description_kind":"plain","optional":true},"delete":{"type":"string","description_kind":"plain","optional":true}},"description_kind":"plain"}}},"description_kind":"plain"}},"alicloud_edas_application":{"version":0,"block":{"attributes":{"application_name":{"type":"string","description_kind":"plain","required":true},"build_pack_id":{"type":"number","description_kind":"plain","optional":true},"cluster_id":{"type":"string","description_kind":"plain","required":true},"descriotion":{"type":"string","description_kind":"plain","optional":true},"ecu_info":{"type":["list","string"],"description_kind":"plain","optional":true},"group_id":{"type":"string","description_kind":"plain","optional":true},"health_check_url":{"type":"string","description_kind":"plain","optional":true},"id":{"type":"string","description_kind":"plain","optional":true,"computed":true},"logical_region_id":{"type":"string","description_kind":"plain","optional":true},"package_type":{"type":"string","description_kind":"plain","required":true},"package_version":{"type":"string","description_kind":"plain","optional":true},"war_url":{"type":"string","description_kind":"plain","optional":true}},"description_kind":"plain"}},"alicloud_edas_application_deployment":{"version":0,"block":{"attributes":{"app_id":{"type":"string","description_kind":"plain","required":true},"group_id":{"type":"string","description_kind":"plain","required":true},"id":{"type":"string","description_kind":"plain","optional":true,"computed":true},"last_package_version":{"type":"string","description_kind":"plain","computed":true},"package_version":{"type":"string","description_kind":"plain","optional":true},"war_url":{"type":"string","description_kind":"plain","required":true}},"description_kind":"plain"}},"alicloud_edas_application_scale":{"version":0,"block":{"attributes":{"app_id":{"type":"string","description_kind":"plain","required":true},"deploy_group":{"type":"string","description_kind":"plain","required":true},"ecc_info":{"type":"string","description_kind":"plain","computed":true},"ecu_info":{"type":["list","string"],"description_kind":"plain","required":true},"force_status":{"type":"bool","description_kind":"plain","optional":true},"id":{"type":"string","description_kind":"plain","optional":true,"computed":true}},"description_kind":"plain"}},"alicloud_edas_cluster":{"version":0,"block":{"attributes":{"cluster_name":{"type":"string","description_kind":"plain","required":true},"cluster_type":{"type":"number","description_kind":"plain","required":true},"id":{"type":"string","description_kind":"plain","optional":true,"computed":true},"logical_region_id":{"type":"string","description_kind":"plain","optional":true},"network_mode":{"type":"number","description_kind":"plain","required":true},"vpc_id":{"type":"string","description_kind":"plain","optional":true}},"description_kind":"plain"}},"alicloud_edas_deploy_group":{"version":0,"block":{"attributes":{"app_id":{"type":"string","description_kind":"plain","required":true},"group_name":{"type":"string","description_kind":"plain","required":true},"group_type":{"type":"number","description_kind":"plain","computed":true},"id":{"type":"string","description_kind":"plain","optional":true,"computed":true}},"description_kind":"plain"}},"alicloud_edas_instance_cluster_attachment":{"version":0,"block":{"attributes":{"cluster_id":{"type":"string","description_kind":"plain","required":true},"cluster_member_ids":{"type":["map","string"],"description_kind":"plain","computed":true},"ecu_map":{"type":["map","string"],"description_kind":"plain","computed":true},"id":{"type":"string","description_kind":"plain","optional":true,"computed":true},"instance_ids":{"type":["list","string"],"description_kind":"plain","required":true},"status_map":{"type":["map","number"],"description_kind":"plain","computed":true}},"description_kind":"plain"}},"alicloud_edas_k8s_application":{"version":0,"block":{"attributes":{"application_descriotion":{"type":"string","description_kind":"plain","optional":true},"application_name":{"type":"string","description_kind":"plain","required":true},"cluster_id":{"type":"string","description_kind":"plain","required":true},"command":{"type":"string","description_kind":"plain","optional":true},"command_args":{"type":["list","string"],"description_kind":"plain","optional":true},"edas_container_version":{"type":"string","description_kind":"plain","optional":true},"envs":{"type":["map","string"],"description_kind":"plain","optional":true},"id":{"type":"string","description_kind":"plain","optional":true,"computed":true},"image_url":{"type":"string","description_kind":"plain","optional":true},"internet_slb_id":{"type":"string","description_kind":"plain","optional":true},"internet_slb_port":{"type":"number","description_kind":"plain","optional":true},"internet_slb_protocol":{"type":"string","description_kind":"plain","optional":true},"internet_target_port":{"type":"number","description_kind":"plain","optional":true},"jdk":{"type":"string","description_kind":"plain","optional":true},"limit_m_cpu":{"type":"number","description_kind":"plain","optional":true},"limit_mem":{"type":"number","description_kind":"plain","optional":true},"liveness":{"type":"string","description_kind":"plain","optional":true},"local_volume":{"type":"string","description_kind":"plain","optional":true},"logical_region_id":{"type":"string","description_kind":"plain","optional":true},"mount_descs":{"type":"string","description_kind":"plain","optional":true},"namespace":{"type":"string","description_kind":"plain","optional":true},"nas_id":{"type":"string","description_kind":"plain","optional":true},"package_type":{"type":"string","description_kind":"plain","optional":true},"package_url":{"type":"string","description_kind":"plain","optional":true},"package_version":{"type":"string","description_kind":"plain","optional":true},"post_start":{"type":"string","description_kind":"plain","optional":true},"pre_stop":{"type":"string","description_kind":"plain","optional":true},"readiness":{"type":"string","description_kind":"plain","optional":true},"replicas":{"type":"number","description_kind":"plain","optional":true},"requests_m_cpu":{"type":"number","description_kind":"plain","optional":true},"requests_mem":{"type":"number","description_kind":"plain","optional":true},"web_container":{"type":"string","description_kind":"plain","optional":true}},"block_types":{"timeouts":{"nesting_mode":"single","block":{"attributes":{"create":{"type":"string","description_kind":"plain","optional":true},"delete":{"type":"string","description_kind":"plain","optional":true}},"description_kind":"plain"}}},"description_kind":"plain"}},"alicloud_edas_k8s_cluster":{"version":0,"block":{"attributes":{"cluster_import_status":{"type":"number","description_kind":"plain","computed":true},"cluster_name":{"type":"string","description_kind":"plain","computed":true},"cluster_type":{"type":"number","description_kind":"plain","computed":true},"cs_cluster_id":{"type":"string","description_kind":"plain","required":true},"id":{"type":"string","description_kind":"plain","optional":true,"computed":true},"namespace_id":{"type":"string","description_kind":"plain","optional":true},"network_mode":{"type":"number","description_kind":"plain","computed":true},"vpc_id":{"type":"string","description_kind":"plain","computed":true}},"block_types":{"timeouts":{"nesting_mode":"single","block":{"attributes":{"create":{"type":"string","description_kind":"plain","optional":true},"delete":{"type":"string","description_kind":"plain","optional":true}},"description_kind":"plain"}}},"description_kind":"plain"}},"alicloud_edas_slb_attachment":{"version":0,"block":{"attributes":{"app_id":{"type":"string","description_kind":"plain","required":true},"id":{"type":"string","description_kind":"plain","optional":true,"computed":true},"listener_port":{"type":"number","description_kind":"plain","optional":true},"slb_id":{"type":"string","description_kind":"plain","required":true},"slb_ip":{"type":"string","description_kind":"plain","required":true},"slb_status":{"type":"string","description_kind":"plain","computed":true},"type":{"type":"string","description_kind":"plain","required":true},"vserver_group_id":{"type":"string","description_kind":"plain","optional":true},"vswitch_id":{"type":"string","description_kind":"plain","computed":true}},"description_kind":"plain"}},"alicloud_eip":{"version":0,"block":{"attributes":{"activity_id":{"type":"string","description_kind":"plain","optional":true},"address_name":{"type":"string","description_kind":"plain","optional":true,"computed":true},"bandwidth":{"type":"string","description_kind":"plain","optional":true,"computed":true},"deletion_protection":{"type":"bool","description_kind":"plain","optional":true,"computed":true},"description":{"type":"string","description_kind":"plain","optional":true},"id":{"type":"string","description_kind":"plain","optional":true,"computed":true},"instance_charge_type":{"type":"string","description_kind":"plain","optional":true,"computed":true},"internet_charge_type":{"type":"string","description_kind":"plain","optional":true,"computed":true},"ip_address":{"type":"string","description_kind":"plain","computed":true},"isp":{"type":"string","description_kind":"plain","optional":true,"computed":true},"name":{"type":"string","description_kind":"plain","optional":true,"computed":true},"netmode":{"type":"string","description_kind":"plain","optional":true},"payment_type":{"type":"string","description_kind":"plain","optional":true,"computed":true},"period":{"type":"number","description_kind":"plain","optional":true},"resource_group_id":{"type":"string","description_kind":"plain","optional":true,"computed":true},"status":{"type":"string","description_kind":"plain","computed":true},"tags":{"type":["map","string"],"description_kind":"plain","optional":true}},"block_types":{"timeouts":{"nesting_mode":"single","block":{"attributes":{"create":{"type":"string","description_kind":"plain","optional":true},"delete":{"type":"string","description_kind":"plain","optional":true}},"description_kind":"plain"}}},"description_kind":"plain"}},"alicloud_eip_address":{"version":0,"block":{"attributes":{"activity_id":{"type":"string","description_kind":"plain","optional":true},"address_name":{"type":"string","description_kind":"plain","optional":true,"computed":true},"bandwidth":{"type":"string","description_kind":"plain","optional":true,"computed":true},"deletion_protection":{"type":"bool","description_kind":"plain","optional":true,"computed":true},"description":{"type":"string","description_kind":"plain","optional":true},"id":{"type":"string","description_kind":"plain","optional":true,"computed":true},"instance_charge_type":{"type":"string","description_kind":"plain","optional":true,"computed":true},"internet_charge_type":{"type":"string","description_kind":"plain","optional":true,"computed":true},"ip_address":{"type":"string","description_kind":"plain","computed":true},"isp":{"type":"string","description_kind":"plain","optional":true,"computed":true},"name":{"type":"string","description_kind":"plain","optional":true,"computed":true},"netmode":{"type":"string","description_kind":"plain","optional":true},"payment_type":{"type":"string","description_kind":"plain","optional":true,"computed":true},"period":{"type":"number","description_kind":"plain","optional":true},"resource_group_id":{"type":"string","description_kind":"plain","optional":true,"computed":true},"status":{"type":"string","description_kind":"plain","computed":true},"tags":{"type":["map","string"],"description_kind":"plain","optional":true}},"block_types":{"timeouts":{"nesting_mode":"single","block":{"attributes":{"create":{"type":"string","description_kind":"plain","optional":true},"delete":{"type":"string","description_kind":"plain","optional":true}},"description_kind":"plain"}}},"description_kind":"plain"}},"alicloud_eip_association":{"version":0,"block":{"attributes":{"allocation_id":{"type":"string","description_kind":"plain","required":true},"force":{"type":"bool","description_kind":"plain","optional":true},"id":{"type":"string","description_kind":"plain","optional":true,"computed":true},"instance_id":{"type":"string","description_kind":"plain","required":true},"instance_type":{"type":"string","description_kind":"plain","optional":true,"computed":true},"private_ip_address":{"type":"string","description_kind":"plain","optional":true,"computed":true}},"description_kind":"plain"}},"alicloud_eipanycast_anycast_eip_address":{"version":0,"block":{"attributes":{"anycast_eip_address_name":{"type":"string","description_kind":"plain","optional":true},"bandwidth":{"type":"number","description_kind":"plain","optional":true,"computed":true},"description":{"type":"string","description_kind":"plain","optional":true},"id":{"type":"string","description_kind":"plain","optional":true,"computed":true},"internet_charge_type":{"type":"string","description_kind":"plain","optional":true},"payment_type":{"type":"string","description_kind":"plain","optional":true},"service_location":{"type":"string","description_kind":"plain","required":true},"status":{"type":"string","description_kind":"plain","computed":true}},"block_types":{"timeouts":{"nesting_mode":"single","block":{"attributes":{"create":{"type":"string","description_kind":"plain","optional":true}},"description_kind":"plain"}}},"description_kind":"plain"}},"alicloud_eipanycast_anycast_eip_address_attachment":{"version":0,"block":{"attributes":{"anycast_id":{"type":"string","description_kind":"plain","required":true},"bind_instance_id":{"type":"string","description_kind":"plain","required":true},"bind_instance_region_id":{"type":"string","description_kind":"plain","required":true},"bind_instance_type":{"type":"string","description_kind":"plain","required":true},"bind_time":{"type":"string","description_kind":"plain","computed":true},"id":{"type":"string","description_kind":"plain","optional":true,"computed":true}},"block_types":{"timeouts":{"nesting_mode":"single","block":{"attributes":{"create":{"type":"string","description_kind":"plain","optional":true},"delete":{"type":"string","description_kind":"plain","optional":true}},"description_kind":"plain"}}},"description_kind":"plain"}},"alicloud_elasticsearch_instance":{"version":0,"block":{"attributes":{"client_node_amount":{"type":"number","description_kind":"plain","optional":true},"client_node_spec":{"type":"string","description_kind":"plain","optional":true},"data_node_amount":{"type":"number","description_kind":"plain","required":true},"data_node_disk_encrypted":{"type":"bool","description_kind":"plain","optional":true},"data_node_disk_size":{"type":"number","description_kind":"plain","required":true},"data_node_disk_type":{"type":"string","description_kind":"plain","required":true},"data_node_spec":{"type":"string","description_kind":"plain","required":true},"description":{"type":"string","description_kind":"plain","optional":true,"computed":true},"domain":{"type":"string","description_kind":"plain","computed":true},"enable_kibana_private_network":{"type":"bool","description_kind":"plain","optional":true},"enable_kibana_public_network":{"type":"bool","description_kind":"plain","optional":true},"enable_public":{"type":"bool","description_kind":"plain","optional":true},"id":{"type":"string","description_kind":"plain","optional":true,"computed":true},"instance_charge_type":{"type":"string","description_kind":"plain","optional":true},"kibana_domain":{"type":"string","description_kind":"plain","computed":true},"kibana_port":{"type":"number","description_kind":"plain","computed":true},"kibana_private_whitelist":{"type":["set","string"],"description_kind":"plain","optional":true,"computed":true},"kibana_whitelist":{"type":["set","string"],"description_kind":"plain","optional":true,"computed":true},"kms_encrypted_password":{"type":"string","description_kind":"plain","optional":true},"kms_encryption_context":{"type":["map","string"],"description_kind":"plain","optional":true},"master_node_spec":{"type":"string","description_kind":"plain","optional":true},"password":{"type":"string","description_kind":"plain","optional":true,"sensitive":true},"period":{"type":"number","description_kind":"plain","optional":true},"port":{"type":"number","description_kind":"plain","computed":true},"private_whitelist":{"type":["set","string"],"description_kind":"plain","optional":true,"computed":true},"protocol":{"type":"string","description_kind":"plain","optional":true},"public_whitelist":{"type":["set","string"],"description_kind":"plain","optional":true,"computed":true},"resource_group_id":{"type":"string","description_kind":"plain","optional":true,"computed":true},"setting_config":{"type":["map","string"],"description_kind":"plain","optional":true,"computed":true},"status":{"type":"string","description_kind":"plain","computed":true},"tags":{"type":["map","string"],"description_kind":"plain","optional":true},"version":{"type":"string","description_kind":"plain","required":true},"vswitch_id":{"type":"string","description_kind":"plain","required":true},"zone_count":{"type":"number","description_kind":"plain","optional":true}},"block_types":{"timeouts":{"nesting_mode":"single","block":{"attributes":{"create":{"type":"string","description_kind":"plain","optional":true},"delete":{"type":"string","description_kind":"plain","optional":true},"update":{"type":"string","description_kind":"plain","optional":true}},"description_kind":"plain"}}},"description_kind":"plain"}},"alicloud_emr_cluster":{"version":0,"block":{"attributes":{"charge_type":{"type":"string","description_kind":"plain","optional":true},"cluster_type":{"type":"string","description_kind":"plain","required":true},"deposit_type":{"type":"string","description_kind":"plain","optional":true},"eas_enable":{"type":"bool","description_kind":"plain","optional":true},"emr_ver":{"type":"string","description_kind":"plain","required":true},"high_availability_enable":{"type":"bool","description_kind":"plain","optional":true},"id":{"type":"string","description_kind":"plain","optional":true,"computed":true},"is_open_public_ip":{"type":"bool","description_kind":"plain","optional":true},"key_pair_name":{"type":"string","description_kind":"plain","optional":true},"master_pwd":{"type":"string","description_kind":"plain","optional":true},"name":{"type":"string","description_kind":"plain","required":true},"option_software_list":{"type":["list","string"],"description_kind":"plain","optional":true},"period":{"type":"number","description_kind":"plain","optional":true},"related_cluster_id":{"type":"string","description_kind":"plain","optional":true},"security_group_id":{"type":"string","description_kind":"plain","optional":true},"ssh_enable":{"type":"bool","description_kind":"plain","optional":true},"tags":{"type":["map","string"],"description_kind":"plain","optional":true},"use_local_metadb":{"type":"bool","description_kind":"plain","optional":true},"user_defined_emr_ecs_role":{"type":"string","description_kind":"plain","optional":true},"vswitch_id":{"type":"string","description_kind":"plain","optional":true},"zone_id":{"type":"string","description_kind":"plain","required":true}},"block_types":{"bootstrap_action":{"nesting_mode":"set","block":{"attributes":{"arg":{"type":"string","description_kind":"plain","optional":true},"name":{"type":"string","description_kind":"plain","optional":true},"path":{"type":"string","description_kind":"plain","optional":true}},"description_kind":"plain"}},"host_group":{"nesting_mode":"set","block":{"attributes":{"auto_renew":{"type":"bool","description_kind":"plain","optional":true},"charge_type":{"type":"string","description_kind":"plain","optional":true},"disk_capacity":{"type":"string","description_kind":"plain","optional":true},"disk_count":{"type":"string","description_kind":"plain","optional":true},"disk_type":{"type":"string","description_kind":"plain","optional":true},"gpu_driver":{"type":"string","description_kind":"plain","optional":true},"host_group_name":{"type":"string","description_kind":"plain","optional":true},"host_group_type":{"type":"string","description_kind":"plain","optional":true},"instance_list":{"type":"string","description_kind":"plain","optional":true},"instance_type":{"type":"string","description_kind":"plain","optional":true},"node_count":{"type":"string","description_kind":"plain","optional":true},"period":{"type":"number","description_kind":"plain","optional":true},"sys_disk_capacity":{"type":"string","description_kind":"plain","optional":true},"sys_disk_type":{"type":"string","description_kind":"plain","optional":true}},"description_kind":"plain"}},"timeouts":{"nesting_mode":"single","block":{"attributes":{"create":{"type":"string","description_kind":"plain","optional":true},"delete":{"type":"string","description_kind":"plain","optional":true}},"description_kind":"plain"}}},"description_kind":"plain"}},"alicloud_ess_alarm":{"version":0,"block":{"attributes":{"alarm_actions":{"type":["set","string"],"description_kind":"plain","required":true},"cloud_monitor_group_id":{"type":"number","description_kind":"plain","optional":true},"comparison_operator":{"type":"string","description_kind":"plain","optional":true},"description":{"type":"string","description_kind":"plain","optional":true},"dimensions":{"type":["map","string"],"description_kind":"plain","optional":true,"computed":true},"enable":{"type":"bool","description_kind":"plain","optional":true},"evaluation_count":{"type":"number","description_kind":"plain","optional":true},"id":{"type":"string","description_kind":"plain","optional":true,"computed":true},"metric_name":{"type":"string","description_kind":"plain","required":true},"metric_type":{"type":"string","description_kind":"plain","optional":true},"name":{"type":"string","description_kind":"plain","optional":true,"computed":true},"period":{"type":"number","description_kind":"plain","optional":true},"scaling_group_id":{"type":"string","description_kind":"plain","required":true},"state":{"type":"string","description_kind":"plain","computed":true},"statistics":{"type":"string","description_kind":"plain","optional":true},"threshold":{"type":"string","description_kind":"plain","required":true}},"description_kind":"plain"}},"alicloud_ess_attachment":{"version":0,"block":{"attributes":{"force":{"type":"bool","description_kind":"plain","optional":true},"id":{"type":"string","description_kind":"plain","optional":true,"computed":true},"instance_ids":{"type":["set","string"],"description_kind":"plain","required":true},"scaling_group_id":{"type":"string","description_kind":"plain","required":true}},"description_kind":"plain"}},"alicloud_ess_lifecycle_hook":{"version":0,"block":{"attributes":{"default_result":{"type":"string","description_kind":"plain","optional":true},"heartbeat_timeout":{"type":"number","description_kind":"plain","optional":true},"id":{"type":"string","description_kind":"plain","optional":true,"computed":true},"lifecycle_transition":{"type":"string","description_kind":"plain","required":true},"name":{"type":"string","description_kind":"plain","optional":true,"computed":true},"notification_arn":{"type":"string","description_kind":"plain","optional":true,"computed":true},"notification_metadata":{"type":"string","description_kind":"plain","optional":true,"computed":true},"scaling_group_id":{"type":"string","description_kind":"plain","required":true}},"description_kind":"plain"}},"alicloud_ess_notification":{"version":0,"block":{"attributes":{"id":{"type":"string","description_kind":"plain","optional":true,"computed":true},"notification_arn":{"type":"string","description_kind":"plain","required":true},"notification_types":{"type":["set","string"],"description_kind":"plain","required":true},"scaling_group_id":{"type":"string","description_kind":"plain","required":true}},"description_kind":"plain"}},"alicloud_ess_scaling_configuration":{"version":0,"block":{"attributes":{"active":{"type":"bool","description_kind":"plain","optional":true,"computed":true},"credit_specification":{"type":"string","description_kind":"plain","optional":true},"enable":{"type":"bool","description_kind":"plain","optional":true},"force_delete":{"type":"bool","description_kind":"plain","optional":true},"id":{"type":"string","description_kind":"plain","optional":true,"computed":true},"image_id":{"type":"string","description_kind":"plain","optional":true},"image_name":{"type":"string","description_kind":"plain","optional":true},"instance_ids":{"type":["list","string"],"description_kind":"plain","optional":true},"instance_name":{"type":"string","description_kind":"plain","optional":true},"instance_type":{"type":"string","description_kind":"plain","optional":true},"instance_types":{"type":["list","string"],"description_kind":"plain","optional":true},"internet_charge_type":{"type":"string","description_kind":"plain","optional":true},"internet_max_bandwidth_in":{"type":"number","description_kind":"plain","optional":true,"computed":true},"internet_max_bandwidth_out":{"type":"number","description_kind":"plain","optional":true},"io_optimized":{"type":"string","description_kind":"plain","optional":true},"is_outdated":{"type":"bool","description_kind":"plain","optional":true},"key_name":{"type":"string","description_kind":"plain","optional":true},"kms_encrypted_password":{"type":"string","description_kind":"plain","optional":true},"kms_encryption_context":{"type":["map","string"],"description_kind":"plain","optional":true},"override":{"type":"bool","description_kind":"plain","optional":true},"password":{"type":"string","description_kind":"plain","optional":true},"password_inherit":{"type":"bool","description_kind":"plain","optional":true},"role_name":{"type":"string","description_kind":"plain","optional":true},"scaling_configuration_name":{"type":"string","description_kind":"plain","optional":true,"computed":true},"scaling_group_id":{"type":"string","description_kind":"plain","required":true},"security_group_id":{"type":"string","description_kind":"plain","optional":true},"security_group_ids":{"type":["list","string"],"description_kind":"plain","optional":true},"substitute":{"type":"string","description_kind":"plain","optional":true,"computed":true},"system_disk_auto_snapshot_policy_id":{"type":"string","description_kind":"plain","optional":true},"system_disk_category":{"type":"string","description_kind":"plain","optional":true},"system_disk_description":{"type":"string","description_kind":"plain","optional":true},"system_disk_name":{"type":"string","description_kind":"plain","optional":true},"system_disk_performance_level":{"type":"string","description_kind":"plain","optional":true},"system_disk_size":{"type":"number","description_kind":"plain","optional":true},"tags":{"type":["map","string"],"description_kind":"plain","optional":true},"user_data":{"type":"string","description_kind":"plain","optional":true}},"block_types":{"data_disk":{"nesting_mode":"list","block":{"attributes":{"auto_snapshot_policy_id":{"type":"string","description_kind":"plain","optional":true},"category":{"type":"string","description_kind":"plain","optional":true},"delete_with_instance":{"type":"bool","description_kind":"plain","optional":true},"description":{"type":"string","description_kind":"plain","optional":true},"device":{"type":"string","description_kind":"plain","optional":true},"encrypted":{"type":"bool","description_kind":"plain","optional":true},"kms_key_id":{"type":"string","description_kind":"plain","optional":true},"name":{"type":"string","description_kind":"plain","optional":true},"performance_level":{"type":"string","description_kind":"plain","optional":true},"size":{"type":"number","description_kind":"plain","optional":true},"snapshot_id":{"type":"string","description_kind":"plain","optional":true}},"description_kind":"plain"}}},"description_kind":"plain"}},"alicloud_ess_scaling_group":{"version":0,"block":{"attributes":{"db_instance_ids":{"type":["set","string"],"description_kind":"plain","optional":true},"default_cooldown":{"type":"number","description_kind":"plain","optional":true},"desired_capacity":{"type":"number","description_kind":"plain","optional":true},"group_deletion_protection":{"type":"bool","description_kind":"plain","optional":true},"id":{"type":"string","description_kind":"plain","optional":true,"computed":true},"loadbalancer_ids":{"type":["set","string"],"description_kind":"plain","optional":true},"max_size":{"type":"number","description_kind":"plain","required":true},"min_size":{"type":"number","description_kind":"plain","required":true},"multi_az_policy":{"type":"string","description_kind":"plain","optional":true},"on_demand_base_capacity":{"type":"number","description_kind":"plain","optional":true,"computed":true},"on_demand_percentage_above_base_capacity":{"type":"number","description_kind":"plain","optional":true,"computed":true},"removal_policies":{"type":["list","string"],"description_kind":"plain","optional":true,"computed":true},"scaling_group_name":{"type":"string","description_kind":"plain","optional":true},"spot_instance_pools":{"type":"number","description_kind":"plain","optional":true,"computed":true},"spot_instance_remedy":{"type":"bool","description_kind":"plain","optional":true,"computed":true},"vswitch_id":{"type":"string","description_kind":"plain","optional":true},"vswitch_ids":{"type":["set","string"],"description_kind":"plain","optional":true}},"description_kind":"plain"}},"alicloud_ess_scaling_rule":{"version":0,"block":{"attributes":{"adjustment_type":{"type":"string","description_kind":"plain","optional":true},"adjustment_value":{"type":"number","description_kind":"plain","optional":true},"ari":{"type":"string","description_kind":"plain","computed":true},"cooldown":{"type":"number","description_kind":"plain","optional":true},"disable_scale_in":{"type":"bool","description_kind":"plain","optional":true},"estimated_instance_warmup":{"type":"number","description_kind":"plain","optional":true,"computed":true},"id":{"type":"string","description_kind":"plain","optional":true,"computed":true},"metric_name":{"type":"string","description_kind":"plain","optional":true},"scaling_group_id":{"type":"string","description_kind":"plain","required":true},"scaling_rule_name":{"type":"string","description_kind":"plain","optional":true,"computed":true},"scaling_rule_type":{"type":"string","description_kind":"plain","optional":true},"target_value":{"type":"number","description_kind":"plain","optional":true}},"block_types":{"step_adjustment":{"nesting_mode":"list","block":{"attributes":{"metric_interval_lower_bound":{"type":"string","description_kind":"plain","optional":true},"metric_interval_upper_bound":{"type":"string","description_kind":"plain","optional":true},"scaling_adjustment":{"type":"number","description_kind":"plain","optional":true}},"description_kind":"plain"}}},"description_kind":"plain"}},"alicloud_ess_scalinggroup_vserver_groups":{"version":0,"block":{"attributes":{"force":{"type":"bool","description_kind":"plain","optional":true},"id":{"type":"string","description_kind":"plain","optional":true,"computed":true},"scaling_group_id":{"type":"string","description_kind":"plain","required":true}},"block_types":{"vserver_groups":{"nesting_mode":"set","block":{"attributes":{"loadbalancer_id":{"type":"string","description_kind":"plain","required":true}},"block_types":{"vserver_attributes":{"nesting_mode":"set","block":{"attributes":{"port":{"type":"number","description_kind":"plain","required":true},"vserver_group_id":{"type":"string","description_kind":"plain","required":true},"weight":{"type":"number","description_kind":"plain","required":true}},"description_kind":"plain"},"min_items":1}},"description_kind":"plain"},"min_items":1}},"description_kind":"plain"}},"alicloud_ess_schedule":{"version":0,"block":{"attributes":{"description":{"type":"string","description_kind":"plain","optional":true,"computed":true},"desired_capacity":{"type":"number","description_kind":"plain","optional":true},"id":{"type":"string","description_kind":"plain","optional":true,"computed":true},"launch_expiration_time":{"type":"number","description_kind":"plain","optional":true},"launch_time":{"type":"string","description_kind":"plain","optional":true},"max_value":{"type":"number","description_kind":"plain","optional":true},"min_value":{"type":"number","description_kind":"plain","optional":true},"recurrence_end_time":{"type":"string","description_kind":"plain","optional":true,"computed":true},"recurrence_type":{"type":"string","description_kind":"plain","optional":true,"computed":true},"recurrence_value":{"type":"string","description_kind":"plain","optional":true,"computed":true},"scaling_group_id":{"type":"string","description_kind":"plain","optional":true,"computed":true},"scheduled_action":{"type":"string","description_kind":"plain","optional":true},"scheduled_task_name":{"type":"string","description_kind":"plain","optional":true},"task_enabled":{"type":"bool","description_kind":"plain","optional":true}},"description_kind":"plain"}},"alicloud_ess_scheduled_task":{"version":0,"block":{"attributes":{"description":{"type":"string","description_kind":"plain","optional":true,"computed":true},"desired_capacity":{"type":"number","description_kind":"plain","optional":true},"id":{"type":"string","description_kind":"plain","optional":true,"computed":true},"launch_expiration_time":{"type":"number","description_kind":"plain","optional":true},"launch_time":{"type":"string","description_kind":"plain","optional":true},"max_value":{"type":"number","description_kind":"plain","optional":true},"min_value":{"type":"number","description_kind":"plain","optional":true},"recurrence_end_time":{"type":"string","description_kind":"plain","optional":true,"computed":true},"recurrence_type":{"type":"string","description_kind":"plain","optional":true,"computed":true},"recurrence_value":{"type":"string","description_kind":"plain","optional":true,"computed":true},"scaling_group_id":{"type":"string","description_kind":"plain","optional":true,"computed":true},"scheduled_action":{"type":"string","description_kind":"plain","optional":true},"scheduled_task_name":{"type":"string","description_kind":"plain","optional":true},"task_enabled":{"type":"bool","description_kind":"plain","optional":true}},"description_kind":"plain"}},"alicloud_event_bridge_event_bus":{"version":0,"block":{"attributes":{"description":{"type":"string","description_kind":"plain","optional":true},"event_bus_name":{"type":"string","description_kind":"plain","required":true},"id":{"type":"string","description_kind":"plain","optional":true,"computed":true}},"description_kind":"plain"}},"alicloud_event_bridge_event_source":{"version":0,"block":{"attributes":{"description":{"type":"string","description_kind":"plain","optional":true},"event_bus_name":{"type":"string","description_kind":"plain","required":true},"event_source_name":{"type":"string","description_kind":"plain","required":true},"external_source_config":{"type":["map","string"],"description_kind":"plain","optional":true},"external_source_type":{"type":"string","description_kind":"plain","optional":true},"id":{"type":"string","description_kind":"plain","optional":true,"computed":true},"linked_external_source":{"type":"bool","description_kind":"plain","optional":true,"computed":true}},"description_kind":"plain"}},"alicloud_event_bridge_rule":{"version":0,"block":{"attributes":{"description":{"type":"string","description_kind":"plain","optional":true},"event_bus_name":{"type":"string","description_kind":"plain","required":true},"filter_pattern":{"type":"string","description_kind":"plain","required":true},"id":{"type":"string","description_kind":"plain","optional":true,"computed":true},"rule_name":{"type":"string","description_kind":"plain","required":true},"status":{"type":"string","description_kind":"plain","optional":true,"computed":true}},"block_types":{"targets":{"nesting_mode":"set","block":{"attributes":{"endpoint":{"type":"string","description_kind":"plain","required":true},"target_id":{"type":"string","description_kind":"plain","required":true},"type":{"type":"string","description_kind":"plain","required":true}},"block_types":{"param_list":{"nesting_mode":"set","block":{"attributes":{"form":{"type":"string","description_kind":"plain","required":true},"resource_key":{"type":"string","description_kind":"plain","required":true},"template":{"type":"string","description_kind":"plain","optional":true},"value":{"type":"string","description_kind":"plain","required":true}},"description_kind":"plain"},"min_items":1}},"description_kind":"plain"},"min_items":1},"timeouts":{"nesting_mode":"single","block":{"attributes":{"create":{"type":"string","description_kind":"plain","optional":true},"delete":{"type":"string","description_kind":"plain","optional":true},"update":{"type":"string","description_kind":"plain","optional":true}},"description_kind":"plain"}}},"description_kind":"plain"}},"alicloud_event_bridge_slr":{"version":0,"block":{"attributes":{"id":{"type":"string","description_kind":"plain","optional":true,"computed":true},"product_name":{"type":"string","description_kind":"plain","required":true}},"description_kind":"plain"}},"alicloud_fc_alias":{"version":0,"block":{"attributes":{"alias_name":{"type":"string","description_kind":"plain","required":true},"description":{"type":"string","description_kind":"plain","optional":true},"id":{"type":"string","description_kind":"plain","optional":true,"computed":true},"service_name":{"type":"string","description_kind":"plain","required":true},"service_version":{"type":"string","description_kind":"plain","required":true}},"block_types":{"routing_config":{"nesting_mode":"list","block":{"attributes":{"additional_version_weights":{"type":["map","number"],"description_kind":"plain","optional":true}},"description_kind":"plain"},"max_items":1}},"description_kind":"plain"}},"alicloud_fc_custom_domain":{"version":0,"block":{"attributes":{"account_id":{"type":"string","description_kind":"plain","computed":true},"api_version":{"type":"string","description_kind":"plain","computed":true},"created_time":{"type":"string","description_kind":"plain","computed":true},"domain_name":{"type":"string","description_kind":"plain","required":true},"id":{"type":"string","description_kind":"plain","optional":true,"computed":true},"last_modified_time":{"type":"string","description_kind":"plain","computed":true},"protocol":{"type":"string","description_kind":"plain","required":true}},"block_types":{"cert_config":{"nesting_mode":"list","block":{"attributes":{"cert_name":{"type":"string","description_kind":"plain","required":true},"certificate":{"type":"string","description_kind":"plain","required":true},"private_key":{"type":"string","description_kind":"plain","required":true,"sensitive":true}},"description_kind":"plain"},"max_items":1},"route_config":{"nesting_mode":"list","block":{"attributes":{"function_name":{"type":"string","description_kind":"plain","required":true},"methods":{"type":["list","string"],"description_kind":"plain","optional":true},"path":{"type":"string","description_kind":"plain","required":true},"qualifier":{"type":"string","description_kind":"plain","optional":true},"service_name":{"type":"string","description_kind":"plain","required":true}},"description_kind":"plain"}}},"description_kind":"plain"}},"alicloud_fc_function":{"version":0,"block":{"attributes":{"ca_port":{"type":"number","description_kind":"plain","optional":true},"code_checksum":{"type":"string","description_kind":"plain","optional":true,"computed":true},"description":{"type":"string","description_kind":"plain","optional":true},"environment_variables":{"type":["map","string"],"description_kind":"plain","optional":true},"filename":{"type":"string","description_kind":"plain","optional":true},"function_id":{"type":"string","description_kind":"plain","computed":true},"handler":{"type":"string","description_kind":"plain","required":true},"id":{"type":"string","description_kind":"plain","optional":true,"computed":true},"initialization_timeout":{"type":"number","description_kind":"plain","optional":true},"initializer":{"type":"string","description_kind":"plain","optional":true},"instance_concurrency":{"type":"number","description_kind":"plain","optional":true},"instance_type":{"type":"string","description_kind":"plain","optional":true},"last_modified":{"type":"string","description_kind":"plain","computed":true},"memory_size":{"type":"number","description_kind":"plain","optional":true},"name":{"type":"string","description_kind":"plain","optional":true,"computed":true},"name_prefix":{"type":"string","description_kind":"plain","optional":true},"oss_bucket":{"type":"string","description_kind":"plain","optional":true},"oss_key":{"type":"string","description_kind":"plain","optional":true},"runtime":{"type":"string","description_kind":"plain","required":true},"service":{"type":"string","description_kind":"plain","required":true},"timeout":{"type":"number","description_kind":"plain","optional":true}},"block_types":{"custom_container_config":{"nesting_mode":"list","block":{"attributes":{"args":{"type":"string","description_kind":"plain","optional":true},"command":{"type":"string","description_kind":"plain","optional":true},"image":{"type":"string","description_kind":"plain","required":true}},"description_kind":"plain"},"max_items":1}},"description_kind":"plain"}},"alicloud_fc_function_async_invoke_config":{"version":0,"block":{"attributes":{"created_time":{"type":"string","description_kind":"plain","computed":true},"function_name":{"type":"string","description_kind":"plain","required":true},"id":{"type":"string","description_kind":"plain","optional":true,"computed":true},"last_modified_time":{"type":"string","description_kind":"plain","computed":true},"maximum_event_age_in_seconds":{"type":"number","description_kind":"plain","optional":true},"maximum_retry_attempts":{"type":"number","description_kind":"plain","optional":true},"qualifier":{"type":"string","description_kind":"plain","optional":true},"service_name":{"type":"string","description_kind":"plain","required":true}},"block_types":{"destination_config":{"nesting_mode":"list","block":{"block_types":{"on_failure":{"nesting_mode":"list","block":{"attributes":{"destination":{"type":"string","description_kind":"plain","required":true}},"description_kind":"plain"},"max_items":1},"on_success":{"nesting_mode":"list","block":{"attributes":{"destination":{"type":"string","description_kind":"plain","required":true}},"description_kind":"plain"},"max_items":1}},"description_kind":"plain"},"max_items":1}},"description_kind":"plain"}},"alicloud_fc_service":{"version":0,"block":{"attributes":{"description":{"type":"string","description_kind":"plain","optional":true},"id":{"type":"string","description_kind":"plain","optional":true,"computed":true},"internet_access":{"type":"bool","description_kind":"plain","optional":true},"last_modified":{"type":"string","description_kind":"plain","computed":true},"name":{"type":"string","description_kind":"plain","optional":true,"computed":true},"name_prefix":{"type":"string","description_kind":"plain","optional":true},"publish":{"type":"bool","description_kind":"plain","optional":true},"role":{"type":"string","description_kind":"plain","optional":true},"service_id":{"type":"string","description_kind":"plain","computed":true},"version":{"type":"string","description_kind":"plain","computed":true}},"block_types":{"log_config":{"nesting_mode":"list","block":{"attributes":{"logstore":{"type":"string","description_kind":"plain","required":true},"project":{"type":"string","description_kind":"plain","required":true}},"description_kind":"plain"},"max_items":1},"nas_config":{"nesting_mode":"list","block":{"attributes":{"group_id":{"type":"number","description_kind":"plain","required":true},"user_id":{"type":"number","description_kind":"plain","required":true}},"block_types":{"mount_points":{"nesting_mode":"list","block":{"attributes":{"mount_dir":{"type":"string","description_kind":"plain","required":true},"server_addr":{"type":"string","description_kind":"plain","required":true}},"description_kind":"plain"},"min_items":1}},"description_kind":"plain"},"max_items":1},"vpc_config":{"nesting_mode":"list","block":{"attributes":{"security_group_id":{"type":"string","description_kind":"plain","required":true},"vpc_id":{"type":"string","description_kind":"plain","computed":true},"vswitch_ids":{"type":["set","string"],"description_kind":"plain","required":true}},"description_kind":"plain"},"max_items":1}},"description_kind":"plain"}},"alicloud_fc_trigger":{"version":0,"block":{"attributes":{"config":{"type":"string","description_kind":"plain","optional":true},"config_mns":{"type":"string","description_kind":"plain","optional":true},"function":{"type":"string","description_kind":"plain","required":true},"id":{"type":"string","description_kind":"plain","optional":true,"computed":true},"last_modified":{"type":"string","description_kind":"plain","computed":true},"name":{"type":"string","description_kind":"plain","optional":true,"computed":true},"name_prefix":{"type":"string","description_kind":"plain","optional":true},"role":{"type":"string","description_kind":"plain","optional":true},"service":{"type":"string","description_kind":"plain","required":true},"source_arn":{"type":"string","description_kind":"plain","optional":true},"trigger_id":{"type":"string","description_kind":"plain","computed":true},"type":{"type":"string","description_kind":"plain","required":true}},"description_kind":"plain"}},"alicloud_fnf_flow":{"version":0,"block":{"attributes":{"definition":{"type":"string","description_kind":"plain","required":true},"description":{"type":"string","description_kind":"plain","required":true},"flow_id":{"type":"string","description_kind":"plain","computed":true},"id":{"type":"string","description_kind":"plain","optional":true,"computed":true},"last_modified_time":{"type":"string","description_kind":"plain","computed":true},"name":{"type":"string","description_kind":"plain","required":true},"role_arn":{"type":"string","description_kind":"plain","optional":true},"type":{"type":"string","description_kind":"plain","required":true}},"block_types":{"timeouts":{"nesting_mode":"single","block":{"attributes":{"create":{"type":"string","description_kind":"plain","optional":true},"delete":{"type":"string","description_kind":"plain","optional":true},"update":{"type":"string","description_kind":"plain","optional":true}},"description_kind":"plain"}}},"description_kind":"plain"}},"alicloud_fnf_schedule":{"version":0,"block":{"attributes":{"cron_expression":{"type":"string","description_kind":"plain","required":true},"description":{"type":"string","description_kind":"plain","optional":true},"enable":{"type":"bool","description_kind":"plain","optional":true},"flow_name":{"type":"string","description_kind":"plain","required":true},"id":{"type":"string","description_kind":"plain","optional":true,"computed":true},"last_modified_time":{"type":"string","description_kind":"plain","computed":true},"payload":{"type":"string","description_kind":"plain","optional":true},"schedule_id":{"type":"string","description_kind":"plain","computed":true},"schedule_name":{"type":"string","description_kind":"plain","required":true}},"block_types":{"timeouts":{"nesting_mode":"single","block":{"attributes":{"create":{"type":"string","description_kind":"plain","optional":true},"delete":{"type":"string","description_kind":"plain","optional":true},"update":{"type":"string","description_kind":"plain","optional":true}},"description_kind":"plain"}}},"description_kind":"plain"}},"alicloud_forward_entry":{"version":0,"block":{"attributes":{"external_ip":{"type":"string","description_kind":"plain","required":true},"external_port":{"type":"string","description_kind":"plain","required":true},"forward_entry_id":{"type":"string","description_kind":"plain","computed":true},"forward_entry_name":{"type":"string","description_kind":"plain","optional":true,"computed":true},"forward_table_id":{"type":"string","description_kind":"plain","required":true},"id":{"type":"string","description_kind":"plain","optional":true,"computed":true},"internal_ip":{"type":"string","description_kind":"plain","required":true},"internal_port":{"type":"string","description_kind":"plain","required":true},"ip_protocol":{"type":"string","description_kind":"plain","required":true},"name":{"type":"string","description_kind":"plain","optional":true,"computed":true},"port_break":{"type":"bool","description_kind":"plain","optional":true},"status":{"type":"string","description_kind":"plain","computed":true}},"block_types":{"timeouts":{"nesting_mode":"single","block":{"attributes":{"create":{"type":"string","description_kind":"plain","optional":true},"delete":{"type":"string","description_kind":"plain","optional":true},"update":{"type":"string","description_kind":"plain","optional":true}},"description_kind":"plain"}}},"description_kind":"plain"}},"alicloud_ga_accelerator":{"version":0,"block":{"attributes":{"accelerator_name":{"type":"string","description_kind":"plain","optional":true},"auto_use_coupon":{"type":"bool","description_kind":"plain","optional":true},"description":{"type":"string","description_kind":"plain","optional":true},"duration":{"type":"number","description_kind":"plain","required":true},"id":{"type":"string","description_kind":"plain","optional":true,"computed":true},"spec":{"type":"string","description_kind":"plain","required":true},"status":{"type":"string","description_kind":"plain","computed":true}},"block_types":{"timeouts":{"nesting_mode":"single","block":{"attributes":{"create":{"type":"string","description_kind":"plain","optional":true},"update":{"type":"string","description_kind":"plain","optional":true}},"description_kind":"plain"}}},"description_kind":"plain"}},"alicloud_ga_bandwidth_package":{"version":0,"block":{"attributes":{"auto_pay":{"type":"bool","description_kind":"plain","optional":true},"auto_use_coupon":{"type":"bool","description_kind":"plain","optional":true},"bandwidth":{"type":"number","description_kind":"plain","required":true},"bandwidth_package_name":{"type":"string","description_kind":"plain","optional":true},"bandwidth_type":{"type":"string","description_kind":"plain","optional":true},"billing_type":{"type":"string","description_kind":"plain","optional":true},"cbn_geographic_region_ida":{"type":"string","description_kind":"plain","optional":true},"cbn_geographic_region_idb":{"type":"string","description_kind":"plain","optional":true},"description":{"type":"string","description_kind":"plain","optional":true},"duration":{"type":"string","description_kind":"plain","optional":true},"id":{"type":"string","description_kind":"plain","optional":true,"computed":true},"payment_type":{"type":"string","description_kind":"plain","optional":true},"ratio":{"type":"number","description_kind":"plain","optional":true},"status":{"type":"string","description_kind":"plain","computed":true},"type":{"type":"string","description_kind":"plain","required":true}},"block_types":{"timeouts":{"nesting_mode":"single","block":{"attributes":{"create":{"type":"string","description_kind":"plain","optional":true},"update":{"type":"string","description_kind":"plain","optional":true}},"description_kind":"plain"}}},"description_kind":"plain"}},"alicloud_ga_bandwidth_package_attachment":{"version":0,"block":{"attributes":{"accelerator_id":{"type":"string","description_kind":"plain","required":true},"accelerators":{"type":["list","string"],"description_kind":"plain","computed":true},"bandwidth_package_id":{"type":"string","description_kind":"plain","required":true},"id":{"type":"string","description_kind":"plain","optional":true,"computed":true},"status":{"type":"string","description_kind":"plain","computed":true}},"block_types":{"timeouts":{"nesting_mode":"single","block":{"attributes":{"create":{"type":"string","description_kind":"plain","optional":true},"delete":{"type":"string","description_kind":"plain","optional":true}},"description_kind":"plain"}}},"description_kind":"plain"}},"alicloud_ga_endpoint_group":{"version":0,"block":{"attributes":{"accelerator_id":{"type":"string","description_kind":"plain","required":true},"description":{"type":"string","description_kind":"plain","optional":true},"endpoint_group_region":{"type":"string","description_kind":"plain","required":true},"endpoint_group_type":{"type":"string","description_kind":"plain","optional":true},"endpoint_request_protocol":{"type":"string","description_kind":"plain","optional":true},"health_check_interval_seconds":{"type":"number","description_kind":"plain","optional":true},"health_check_path":{"type":"string","description_kind":"plain","optional":true},"health_check_port":{"type":"number","description_kind":"plain","optional":true},"health_check_protocol":{"type":"string","description_kind":"plain","optional":true},"id":{"type":"string","description_kind":"plain","optional":true,"computed":true},"listener_id":{"type":"string","description_kind":"plain","required":true},"name":{"type":"string","description_kind":"plain","optional":true},"status":{"type":"string","description_kind":"plain","computed":true},"threshold_count":{"type":"number","description_kind":"plain","optional":true},"traffic_percentage":{"type":"number","description_kind":"plain","optional":true}},"block_types":{"endpoint_configurations":{"nesting_mode":"list","block":{"attributes":{"enable_clientip_preservation":{"type":"bool","description_kind":"plain","optional":true},"endpoint":{"type":"string","description_kind":"plain","required":true},"type":{"type":"string","description_kind":"plain","required":true},"weight":{"type":"number","description_kind":"plain","required":true}},"description_kind":"plain"},"min_items":1},"port_overrides":{"nesting_mode":"list","block":{"attributes":{"endpoint_port":{"type":"number","description_kind":"plain","optional":true},"listener_port":{"type":"number","description_kind":"plain","optional":true}},"description_kind":"plain"},"max_items":1},"timeouts":{"nesting_mode":"single","block":{"attributes":{"create":{"type":"string","description_kind":"plain","optional":true},"delete":{"type":"string","description_kind":"plain","optional":true},"update":{"type":"string","description_kind":"plain","optional":true}},"description_kind":"plain"}}},"description_kind":"plain"}},"alicloud_ga_forwarding_rule":{"version":0,"block":{"attributes":{"accelerator_id":{"type":"string","description_kind":"plain","required":true},"forwarding_rule_id":{"type":"string","description_kind":"plain","computed":true},"forwarding_rule_name":{"type":"string","description_kind":"plain","optional":true},"forwarding_rule_status":{"type":"string","description_kind":"plain","computed":true},"id":{"type":"string","description_kind":"plain","optional":true,"computed":true},"listener_id":{"type":"string","description_kind":"plain","required":true},"priority":{"type":"number","description_kind":"plain","optional":true,"computed":true}},"block_types":{"rule_actions":{"nesting_mode":"set","block":{"attributes":{"order":{"type":"number","description_kind":"plain","required":true},"rule_action_type":{"type":"string","description_kind":"plain","required":true}},"block_types":{"forward_group_config":{"nesting_mode":"set","block":{"block_types":{"server_group_tuples":{"nesting_mode":"set","block":{"attributes":{"endpoint_group_id":{"type":"string","description_kind":"plain","required":true}},"description_kind":"plain"},"min_items":1}},"description_kind":"plain"},"min_items":1,"max_items":1}},"description_kind":"plain"},"min_items":1},"rule_conditions":{"nesting_mode":"set","block":{"attributes":{"rule_condition_type":{"type":"string","description_kind":"plain","required":true}},"block_types":{"host_config":{"nesting_mode":"set","block":{"attributes":{"values":{"type":["list","string"],"description_kind":"plain","optional":true}},"description_kind":"plain"}},"path_config":{"nesting_mode":"set","block":{"attributes":{"values":{"type":["list","string"],"description_kind":"plain","optional":true}},"description_kind":"plain"},"max_items":1}},"description_kind":"plain"},"min_items":1},"timeouts":{"nesting_mode":"single","block":{"attributes":{"create":{"type":"string","description_kind":"plain","optional":true},"delete":{"type":"string","description_kind":"plain","optional":true},"update":{"type":"string","description_kind":"plain","optional":true}},"description_kind":"plain"}}},"description_kind":"plain"}},"alicloud_ga_ip_set":{"version":0,"block":{"attributes":{"accelerate_region_id":{"type":"string","description_kind":"plain","required":true},"accelerator_id":{"type":"string","description_kind":"plain","required":true},"bandwidth":{"type":"number","description_kind":"plain","optional":true},"id":{"type":"string","description_kind":"plain","optional":true,"computed":true},"ip_address_list":{"type":["list","string"],"description_kind":"plain","computed":true},"ip_version":{"type":"string","description_kind":"plain","optional":true},"status":{"type":"string","description_kind":"plain","computed":true}},"block_types":{"timeouts":{"nesting_mode":"single","block":{"attributes":{"create":{"type":"string","description_kind":"plain","optional":true},"delete":{"type":"string","description_kind":"plain","optional":true},"update":{"type":"string","description_kind":"plain","optional":true}},"description_kind":"plain"}}},"description_kind":"plain"}},"alicloud_ga_listener":{"version":0,"block":{"attributes":{"accelerator_id":{"type":"string","description_kind":"plain","required":true},"client_affinity":{"type":"string","description_kind":"plain","optional":true},"description":{"type":"string","description_kind":"plain","optional":true},"id":{"type":"string","description_kind":"plain","optional":true,"computed":true},"name":{"type":"string","description_kind":"plain","optional":true},"protocol":{"type":"string","description_kind":"plain","optional":true},"proxy_protocol":{"type":"bool","description_kind":"plain","optional":true},"status":{"type":"string","description_kind":"plain","computed":true}},"block_types":{"certificates":{"nesting_mode":"list","block":{"attributes":{"id":{"type":"string","description_kind":"plain","optional":true}},"description_kind":"plain"}},"port_ranges":{"nesting_mode":"list","block":{"attributes":{"from_port":{"type":"number","description_kind":"plain","required":true},"to_port":{"type":"number","description_kind":"plain","required":true}},"description_kind":"plain"},"min_items":1},"timeouts":{"nesting_mode":"single","block":{"attributes":{"create":{"type":"string","description_kind":"plain","optional":true},"delete":{"type":"string","description_kind":"plain","optional":true},"update":{"type":"string","description_kind":"plain","optional":true}},"description_kind":"plain"}}},"description_kind":"plain"}},"alicloud_gpdb_connection":{"version":0,"block":{"attributes":{"connection_prefix":{"type":"string","description_kind":"plain","optional":true,"computed":true},"connection_string":{"type":"string","description_kind":"plain","computed":true},"id":{"type":"string","description_kind":"plain","optional":true,"computed":true},"instance_id":{"type":"string","description_kind":"plain","required":true},"ip_address":{"type":"string","description_kind":"plain","computed":true},"port":{"type":"string","description_kind":"plain","optional":true}},"block_types":{"timeouts":{"nesting_mode":"single","block":{"attributes":{"create":{"type":"string","description_kind":"plain","optional":true},"delete":{"type":"string","description_kind":"plain","optional":true},"update":{"type":"string","description_kind":"plain","optional":true}},"description_kind":"plain"}}},"description_kind":"plain"}},"alicloud_gpdb_elastic_instance":{"version":0,"block":{"attributes":{"connection_string":{"type":"string","description_kind":"plain","computed":true},"db_instance_description":{"type":"string","description_kind":"plain","optional":true},"engine":{"type":"string","description_kind":"plain","required":true},"engine_version":{"type":"string","description_kind":"plain","required":true},"id":{"type":"string","description_kind":"plain","optional":true,"computed":true},"instance_network_type":{"type":"string","description_kind":"plain","optional":true},"instance_spec":{"type":"string","description_kind":"plain","required":true},"payment_duration":{"type":"number","description_kind":"plain","optional":true},"payment_duration_unit":{"type":"string","description_kind":"plain","optional":true},"payment_type":{"type":"string","description_kind":"plain","optional":true},"security_ip_list":{"type":["list","string"],"description_kind":"plain","optional":true,"computed":true},"seg_node_num":{"type":"number","description_kind":"plain","required":true},"seg_storage_type":{"type":"string","description_kind":"plain","required":true},"status":{"type":"string","description_kind":"plain","computed":true},"storage_size":{"type":"number","description_kind":"plain","required":true},"vswitch_id":{"type":"string","description_kind":"plain","required":true},"zone_id":{"type":"string","description_kind":"plain","optional":true,"computed":true}},"block_types":{"timeouts":{"nesting_mode":"single","block":{"attributes":{"create":{"type":"string","description_kind":"plain","optional":true},"delete":{"type":"string","description_kind":"plain","optional":true},"update":{"type":"string","description_kind":"plain","optional":true}},"description_kind":"plain"}}},"description_kind":"plain"}},"alicloud_gpdb_instance":{"version":0,"block":{"attributes":{"availability_zone":{"type":"string","description_kind":"plain","optional":true,"computed":true},"description":{"type":"string","description_kind":"plain","optional":true},"engine":{"type":"string","description_kind":"plain","optional":true,"computed":true},"engine_version":{"type":"string","description_kind":"plain","optional":true,"computed":true},"id":{"type":"string","description_kind":"plain","optional":true,"computed":true},"instance_charge_type":{"type":"string","description_kind":"plain","optional":true,"computed":true},"instance_class":{"type":"string","description_kind":"plain","required":true},"instance_group_count":{"type":"string","description_kind":"plain","required":true},"security_ip_list":{"type":["set","string"],"description_kind":"plain","optional":true,"computed":true},"tags":{"type":["map","string"],"description_kind":"plain","optional":true},"vswitch_id":{"type":"string","description_kind":"plain","optional":true,"computed":true}},"block_types":{"timeouts":{"nesting_mode":"single","block":{"attributes":{"create":{"type":"string","description_kind":"plain","optional":true}},"description_kind":"plain"}}},"description_kind":"plain"}},"alicloud_havip":{"version":0,"block":{"attributes":{"description":{"type":"string","description_kind":"plain","optional":true},"havip_name":{"type":"string","description_kind":"plain","optional":true},"id":{"type":"string","description_kind":"plain","optional":true,"computed":true},"ip_address":{"type":"string","description_kind":"plain","optional":true,"computed":true},"status":{"type":"string","description_kind":"plain","computed":true},"vswitch_id":{"type":"string","description_kind":"plain","required":true}},"block_types":{"timeouts":{"nesting_mode":"single","block":{"attributes":{"create":{"type":"string","description_kind":"plain","optional":true}},"description_kind":"plain"}}},"description_kind":"plain"}},"alicloud_havip_attachment":{"version":0,"block":{"attributes":{"havip_id":{"type":"string","description_kind":"plain","required":true},"id":{"type":"string","description_kind":"plain","optional":true,"computed":true},"instance_id":{"type":"string","description_kind":"plain","required":true}},"description_kind":"plain"}},"alicloud_hbase_instance":{"version":0,"block":{"attributes":{"account":{"type":"string","description_kind":"plain","optional":true},"auto_renew":{"type":"bool","description_kind":"plain","optional":true,"computed":true},"cold_storage_size":{"type":"number","description_kind":"plain","optional":true},"core_disk_size":{"type":"number","description_kind":"plain","optional":true},"core_disk_type":{"type":"string","description_kind":"plain","optional":true},"core_instance_quantity":{"type":"number","description_kind":"plain","optional":true},"core_instance_type":{"type":"string","description_kind":"plain","required":true},"deletion_protection":{"type":"bool","description_kind":"plain","optional":true},"duration":{"type":"number","description_kind":"plain","optional":true,"computed":true},"engine":{"type":"string","description_kind":"plain","optional":true},"engine_version":{"type":"string","description_kind":"plain","required":true},"id":{"type":"string","description_kind":"plain","optional":true,"computed":true},"immediate_delete_flag":{"type":"bool","description_kind":"plain","optional":true},"ip_white":{"type":"string","description_kind":"plain","optional":true,"computed":true},"maintain_end_time":{"type":"string","description_kind":"plain","optional":true,"computed":true},"maintain_start_time":{"type":"string","description_kind":"plain","optional":true,"computed":true},"master_instance_quantity":{"type":"number","description_kind":"plain","computed":true},"master_instance_type":{"type":"string","description_kind":"plain","required":true},"name":{"type":"string","description_kind":"plain","required":true},"password":{"type":"string","description_kind":"plain","optional":true,"sensitive":true},"pay_type":{"type":"string","description_kind":"plain","optional":true},"security_groups":{"type":["set","string"],"description_kind":"plain","optional":true,"computed":true},"slb_conn_addrs":{"type":["list",["object",{"conn_addr":"string","conn_addr_port":"string","net_type":"string"}]],"description_kind":"plain","computed":true},"tags":{"type":["map","string"],"description_kind":"plain","optional":true},"ui_proxy_conn_addrs":{"type":["list",["object",{"conn_addr":"string","conn_addr_port":"string","net_type":"string"}]],"description_kind":"plain","computed":true},"vswitch_id":{"type":"string","description_kind":"plain","optional":true},"zk_conn_addrs":{"type":["list",["object",{"conn_addr":"string","conn_addr_port":"string","net_type":"string"}]],"description_kind":"plain","computed":true},"zone_id":{"type":"string","description_kind":"plain","optional":true,"computed":true}},"block_types":{"timeouts":{"nesting_mode":"single","block":{"attributes":{"create":{"type":"string","description_kind":"plain","optional":true},"delete":{"type":"string","description_kind":"plain","optional":true},"update":{"type":"string","description_kind":"plain","optional":true}},"description_kind":"plain"}}},"description_kind":"plain"}},"alicloud_hbr_vault":{"version":0,"block":{"attributes":{"description":{"type":"string","description_kind":"plain","optional":true},"id":{"type":"string","description_kind":"plain","optional":true,"computed":true},"status":{"type":"string","description_kind":"plain","computed":true},"vault_name":{"type":"string","description_kind":"plain","required":true},"vault_storage_class":{"type":"string","description_kind":"plain","optional":true,"computed":true},"vault_type":{"type":"string","description_kind":"plain","optional":true,"computed":true}},"block_types":{"timeouts":{"nesting_mode":"single","block":{"attributes":{"create":{"type":"string","description_kind":"plain","optional":true}},"description_kind":"plain"}}},"description_kind":"plain"}},"alicloud_image":{"version":0,"block":{"attributes":{"architecture":{"type":"string","description_kind":"plain","optional":true},"description":{"type":"string","description_kind":"plain","optional":true},"force":{"type":"bool","description_kind":"plain","optional":true},"id":{"type":"string","description_kind":"plain","optional":true,"computed":true},"image_name":{"type":"string","description_kind":"plain","optional":true,"computed":true},"instance_id":{"type":"string","description_kind":"plain","optional":true},"name":{"type":"string","description_kind":"plain","optional":true,"computed":true},"platform":{"type":"string","description_kind":"plain","optional":true},"resource_group_id":{"type":"string","description_kind":"plain","optional":true},"snapshot_id":{"type":"string","description_kind":"plain","optional":true},"tags":{"type":["map","string"],"description_kind":"plain","optional":true}},"block_types":{"disk_device_mapping":{"nesting_mode":"list","block":{"attributes":{"device":{"type":"string","description_kind":"plain","optional":true,"computed":true},"disk_type":{"type":"string","description_kind":"plain","optional":true,"computed":true},"size":{"type":"number","description_kind":"plain","optional":true,"computed":true},"snapshot_id":{"type":"string","description_kind":"plain","optional":true,"computed":true}},"description_kind":"plain"}},"timeouts":{"nesting_mode":"single","block":{"attributes":{"create":{"type":"string","description_kind":"plain","optional":true},"delete":{"type":"string","description_kind":"plain","optional":true}},"description_kind":"plain"}}},"description_kind":"plain"}},"alicloud_image_copy":{"version":0,"block":{"attributes":{"description":{"type":"string","description_kind":"plain","optional":true},"encrypted":{"type":"bool","description_kind":"plain","optional":true},"force":{"type":"bool","description_kind":"plain","optional":true},"id":{"type":"string","description_kind":"plain","optional":true,"computed":true},"image_name":{"type":"string","description_kind":"plain","optional":true,"computed":true},"kms_key_id":{"type":"string","description_kind":"plain","optional":true},"name":{"type":"string","description_kind":"plain","optional":true,"computed":true},"source_image_id":{"type":"string","description_kind":"plain","required":true},"source_region_id":{"type":"string","description_kind":"plain","required":true},"tags":{"type":["map","string"],"description_kind":"plain","optional":true}},"block_types":{"timeouts":{"nesting_mode":"single","block":{"attributes":{"create":{"type":"string","description_kind":"plain","optional":true},"delete":{"type":"string","description_kind":"plain","optional":true}},"description_kind":"plain"}}},"description_kind":"plain"}},"alicloud_image_export":{"version":0,"block":{"attributes":{"id":{"type":"string","description_kind":"plain","optional":true,"computed":true},"image_id":{"type":"string","description_kind":"plain","required":true},"oss_bucket":{"type":"string","description_kind":"plain","required":true},"oss_prefix":{"type":"string","description_kind":"plain","optional":true}},"block_types":{"timeouts":{"nesting_mode":"single","block":{"attributes":{"create":{"type":"string","description_kind":"plain","optional":true}},"description_kind":"plain"}}},"description_kind":"plain"}},"alicloud_image_import":{"version":0,"block":{"attributes":{"architecture":{"type":"string","description_kind":"plain","optional":true},"description":{"type":"string","description_kind":"plain","optional":true},"id":{"type":"string","description_kind":"plain","optional":true,"computed":true},"image_name":{"type":"string","description_kind":"plain","optional":true},"license_type":{"type":"string","description_kind":"plain","optional":true},"os_type":{"type":"string","description_kind":"plain","optional":true},"platform":{"type":"string","description_kind":"plain","optional":true}},"block_types":{"disk_device_mapping":{"nesting_mode":"list","block":{"attributes":{"device":{"type":"string","description_kind":"plain","optional":true,"computed":true},"disk_image_size":{"type":"number","description_kind":"plain","optional":true},"format":{"type":"string","description_kind":"plain","optional":true,"computed":true},"oss_bucket":{"type":"string","description_kind":"plain","optional":true},"oss_object":{"type":"string","description_kind":"plain","optional":true}},"description_kind":"plain"},"min_items":1},"timeouts":{"nesting_mode":"single","block":{"attributes":{"create":{"type":"string","description_kind":"plain","optional":true},"delete":{"type":"string","description_kind":"plain","optional":true}},"description_kind":"plain"}}},"description_kind":"plain"}},"alicloud_image_share_permission":{"version":0,"block":{"attributes":{"account_id":{"type":"string","description_kind":"plain","required":true},"id":{"type":"string","description_kind":"plain","optional":true,"computed":true},"image_id":{"type":"string","description_kind":"plain","required":true}},"description_kind":"plain"}},"alicloud_instance":{"version":0,"block":{"attributes":{"allocate_public_ip":{"type":"bool","description_kind":"plain","optional":true},"auto_release_time":{"type":"string","description_kind":"plain","optional":true},"auto_renew_period":{"type":"number","description_kind":"plain","optional":true},"availability_zone":{"type":"string","description_kind":"plain","optional":true,"computed":true},"credit_specification":{"type":"string","description_kind":"plain","optional":true,"computed":true},"deletion_protection":{"type":"bool","description_kind":"plain","optional":true},"description":{"type":"string","description_kind":"plain","optional":true},"dry_run":{"type":"bool","description_kind":"plain","optional":true},"force_delete":{"type":"bool","description_kind":"plain","optional":true},"host_name":{"type":"string","description_kind":"plain","optional":true,"computed":true},"id":{"type":"string","description_kind":"plain","optional":true,"computed":true},"image_id":{"type":"string","description_kind":"plain","required":true},"include_data_disks":{"type":"bool","description_kind":"plain","optional":true},"instance_charge_type":{"type":"string","description_kind":"plain","optional":true},"instance_name":{"type":"string","description_kind":"plain","optional":true},"instance_type":{"type":"string","description_kind":"plain","required":true},"internet_charge_type":{"type":"string","description_kind":"plain","optional":true},"internet_max_bandwidth_in":{"type":"number","description_kind":"plain","optional":true,"computed":true},"internet_max_bandwidth_out":{"type":"number","description_kind":"plain","optional":true},"io_optimized":{"type":"string","description_kind":"plain","optional":true},"is_outdated":{"type":"bool","description_kind":"plain","optional":true},"key_name":{"type":"string","description_kind":"plain","optional":true,"computed":true},"kms_encrypted_password":{"type":"string","description_kind":"plain","optional":true},"kms_encryption_context":{"type":["map","string"],"description_kind":"plain","optional":true},"password":{"type":"string","description_kind":"plain","optional":true,"sensitive":true},"period":{"type":"number","description_kind":"plain","optional":true},"period_unit":{"type":"string","description_kind":"plain","optional":true},"private_ip":{"type":"string","description_kind":"plain","optional":true,"computed":true},"public_ip":{"type":"string","description_kind":"plain","computed":true},"renewal_status":{"type":"string","description_kind":"plain","optional":true},"resource_group_id":{"type":"string","description_kind":"plain","optional":true},"role_name":{"type":"string","description_kind":"plain","optional":true,"computed":true},"security_enhancement_strategy":{"type":"string","description_kind":"plain","optional":true},"security_groups":{"type":["set","string"],"description_kind":"plain","required":true},"spot_price_limit":{"type":"number","description_kind":"plain","optional":true},"spot_strategy":{"type":"string","description_kind":"plain","optional":true},"status":{"type":"string","description_kind":"plain","optional":true},"subnet_id":{"type":"string","description_kind":"plain","optional":true,"computed":true},"system_disk_auto_snapshot_policy_id":{"type":"string","description_kind":"plain","optional":true},"system_disk_category":{"type":"string","description_kind":"plain","optional":true},"system_disk_description":{"type":"string","description_kind":"plain","optional":true},"system_disk_name":{"type":"string","description_kind":"plain","optional":true},"system_disk_performance_level":{"type":"string","description_kind":"plain","optional":true,"computed":true},"system_disk_size":{"type":"number","description_kind":"plain","optional":true},"tags":{"type":["map","string"],"description_kind":"plain","optional":true},"user_data":{"type":"string","description_kind":"plain","optional":true},"volume_tags":{"type":["map","string"],"description_kind":"plain","optional":true,"computed":true},"vswitch_id":{"type":"string","description_kind":"plain","optional":true}},"block_types":{"data_disks":{"nesting_mode":"list","block":{"attributes":{"auto_snapshot_policy_id":{"type":"string","description_kind":"plain","optional":true},"category":{"type":"string","description_kind":"plain","optional":true},"delete_with_instance":{"type":"bool","description_kind":"plain","optional":true},"description":{"type":"string","description_kind":"plain","optional":true},"encrypted":{"type":"bool","description_kind":"plain","optional":true},"kms_key_id":{"type":"string","description_kind":"plain","optional":true},"name":{"type":"string","description_kind":"plain","optional":true},"performance_level":{"type":"string","description_kind":"plain","optional":true,"computed":true},"size":{"type":"number","description_kind":"plain","required":true},"snapshot_id":{"type":"string","description_kind":"plain","optional":true}},"description_kind":"plain"},"max_items":16},"timeouts":{"nesting_mode":"single","block":{"attributes":{"create":{"type":"string","description_kind":"plain","optional":true},"delete":{"type":"string","description_kind":"plain","optional":true},"update":{"type":"string","description_kind":"plain","optional":true}},"description_kind":"plain"}}},"description_kind":"plain"}},"alicloud_key_pair":{"version":0,"block":{"attributes":{"finger_print":{"type":"string","description_kind":"plain","computed":true},"id":{"type":"string","description_kind":"plain","optional":true,"computed":true},"key_file":{"type":"string","description_kind":"plain","optional":true},"key_name":{"type":"string","description_kind":"plain","optional":true,"computed":true},"key_name_prefix":{"type":"string","description_kind":"plain","optional":true},"key_pair_name":{"type":"string","description_kind":"plain","optional":true,"computed":true},"public_key":{"type":"string","description_kind":"plain","optional":true},"resource_group_id":{"type":"string","description_kind":"plain","optional":true},"tags":{"type":["map","string"],"description_kind":"plain","optional":true}},"block_types":{"timeouts":{"nesting_mode":"single","block":{"attributes":{"delete":{"type":"string","description_kind":"plain","optional":true}},"description_kind":"plain"}}},"description_kind":"plain"}},"alicloud_key_pair_attachment":{"version":0,"block":{"attributes":{"force":{"type":"bool","description_kind":"plain","optional":true},"id":{"type":"string","description_kind":"plain","optional":true,"computed":true},"instance_ids":{"type":["set","string"],"description_kind":"plain","required":true},"key_name":{"type":"string","description_kind":"plain","optional":true,"computed":true},"key_pair_name":{"type":"string","description_kind":"plain","optional":true,"computed":true}},"description_kind":"plain"}},"alicloud_kms_alias":{"version":0,"block":{"attributes":{"alias_name":{"type":"string","description_kind":"plain","required":true},"id":{"type":"string","description_kind":"plain","optional":true,"computed":true},"key_id":{"type":"string","description_kind":"plain","required":true}},"description_kind":"plain"}},"alicloud_kms_ciphertext":{"version":0,"block":{"attributes":{"ciphertext_blob":{"type":"string","description_kind":"plain","computed":true},"encryption_context":{"type":["map","string"],"description_kind":"plain","optional":true},"id":{"type":"string","description_kind":"plain","optional":true,"computed":true},"key_id":{"type":"string","description_kind":"plain","required":true},"plaintext":{"type":"string","description_kind":"plain","required":true,"sensitive":true}},"description_kind":"plain"}},"alicloud_kms_key":{"version":0,"block":{"attributes":{"arn":{"type":"string","description_kind":"plain","computed":true},"automatic_rotation":{"type":"string","description_kind":"plain","optional":true},"creation_date":{"type":"string","description_kind":"plain","computed":true},"creator":{"type":"string","description_kind":"plain","computed":true},"delete_date":{"type":"string","description_kind":"plain","computed":true},"deletion_window_in_days":{"type":"number","description_kind":"plain","optional":true,"computed":true},"description":{"type":"string","description_kind":"plain","optional":true},"id":{"type":"string","description_kind":"plain","optional":true,"computed":true},"is_enabled":{"type":"bool","description_kind":"plain","optional":true},"key_spec":{"type":"string","description_kind":"plain","optional":true,"computed":true},"key_state":{"type":"string","description_kind":"plain","optional":true,"computed":true},"key_usage":{"type":"string","description_kind":"plain","optional":true},"last_rotation_date":{"type":"string","description_kind":"plain","computed":true},"material_expire_time":{"type":"string","description_kind":"plain","computed":true},"next_rotation_date":{"type":"string","description_kind":"plain","computed":true},"origin":{"type":"string","description_kind":"plain","optional":true},"pending_window_in_days":{"type":"number","description_kind":"plain","optional":true,"computed":true},"primary_key_version":{"type":"string","description_kind":"plain","computed":true},"protection_level":{"type":"string","description_kind":"plain","optional":true},"rotation_interval":{"type":"string","description_kind":"plain","optional":true},"status":{"type":"string","description_kind":"plain","optional":true,"computed":true}},"description_kind":"plain"}},"alicloud_kms_key_version":{"version":0,"block":{"attributes":{"id":{"type":"string","description_kind":"plain","optional":true,"computed":true},"key_id":{"type":"string","description_kind":"plain","required":true},"key_version_id":{"type":"string","description_kind":"plain","computed":true}},"description_kind":"plain"}},"alicloud_kms_secret":{"version":0,"block":{"attributes":{"arn":{"type":"string","description_kind":"plain","computed":true},"description":{"type":"string","description_kind":"plain","optional":true},"enable_automatic_rotation":{"type":"bool","description_kind":"plain","optional":true},"encryption_key_id":{"type":"string","description_kind":"plain","optional":true},"force_delete_without_recovery":{"type":"bool","description_kind":"plain","optional":true},"id":{"type":"string","description_kind":"plain","optional":true,"computed":true},"planned_delete_time":{"type":"string","description_kind":"plain","computed":true},"recovery_window_in_days":{"type":"number","description_kind":"plain","optional":true},"rotation_interval":{"type":"string","description_kind":"plain","optional":true},"secret_data":{"type":"string","description_kind":"plain","required":true,"sensitive":true},"secret_data_type":{"type":"string","description_kind":"plain","optional":true},"secret_name":{"type":"string","description_kind":"plain","required":true},"tags":{"type":["map","string"],"description_kind":"plain","optional":true},"version_id":{"type":"string","description_kind":"plain","required":true},"version_stages":{"type":["set","string"],"description_kind":"plain","optional":true,"computed":true}},"block_types":{"timeouts":{"nesting_mode":"single","block":{"attributes":{"create":{"type":"string","description_kind":"plain","optional":true},"delete":{"type":"string","description_kind":"plain","optional":true},"update":{"type":"string","description_kind":"plain","optional":true}},"description_kind":"plain"}}},"description_kind":"plain"}},"alicloud_kvstore_account":{"version":0,"block":{"attributes":{"account_name":{"type":"string","description_kind":"plain","required":true},"account_password":{"type":"string","description_kind":"plain","optional":true,"sensitive":true},"account_privilege":{"type":"string","description_kind":"plain","optional":true},"account_type":{"type":"string","description_kind":"plain","optional":true},"description":{"type":"string","description_kind":"plain","optional":true},"id":{"type":"string","description_kind":"plain","optional":true,"computed":true},"instance_id":{"type":"string","description_kind":"plain","required":true},"kms_encrypted_password":{"type":"string","description_kind":"plain","optional":true},"kms_encryption_context":{"type":["map","string"],"description_kind":"plain","optional":true},"status":{"type":"string","description_kind":"plain","computed":true}},"block_types":{"timeouts":{"nesting_mode":"single","block":{"attributes":{"create":{"type":"string","description_kind":"plain","optional":true},"update":{"type":"string","description_kind":"plain","optional":true}},"description_kind":"plain"}}},"description_kind":"plain"}},"alicloud_kvstore_audit_log_config":{"version":0,"block":{"attributes":{"create_time":{"type":"string","description_kind":"plain","computed":true},"db_audit":{"type":"bool","description_kind":"plain","optional":true},"id":{"type":"string","description_kind":"plain","optional":true,"computed":true},"instance_id":{"type":"string","description_kind":"plain","required":true},"retention":{"type":"number","description_kind":"plain","optional":true},"status":{"type":"string","description_kind":"plain","computed":true}},"block_types":{"timeouts":{"nesting_mode":"single","block":{"attributes":{"create":{"type":"string","description_kind":"plain","optional":true},"update":{"type":"string","description_kind":"plain","optional":true}},"description_kind":"plain"}}},"description_kind":"plain"}},"alicloud_kvstore_backup_policy":{"version":0,"block":{"attributes":{"backup_period":{"type":["set","string"],"description_kind":"plain","optional":true,"computed":true},"backup_time":{"type":"string","description_kind":"plain","optional":true},"id":{"type":"string","description_kind":"plain","optional":true,"computed":true},"instance_id":{"type":"string","description_kind":"plain","required":true}},"block_types":{"timeouts":{"nesting_mode":"single","block":{"attributes":{"update":{"type":"string","description_kind":"plain","optional":true}},"description_kind":"plain"}}},"description_kind":"plain"}},"alicloud_kvstore_connection":{"version":0,"block":{"attributes":{"connection_string":{"type":"string","description_kind":"plain","computed":true},"connection_string_prefix":{"type":"string","description_kind":"plain","required":true},"id":{"type":"string","description_kind":"plain","optional":true,"computed":true},"instance_id":{"type":"string","description_kind":"plain","required":true},"port":{"type":"string","description_kind":"plain","required":true}},"block_types":{"timeouts":{"nesting_mode":"single","block":{"attributes":{"create":{"type":"string","description_kind":"plain","optional":true},"delete":{"type":"string","description_kind":"plain","optional":true},"update":{"type":"string","description_kind":"plain","optional":true}},"description_kind":"plain"}}},"description_kind":"plain"}},"alicloud_kvstore_instance":{"version":0,"block":{"attributes":{"auto_renew":{"type":"bool","description_kind":"plain","optional":true},"auto_renew_period":{"type":"number","description_kind":"plain","optional":true},"auto_use_coupon":{"type":"bool","description_kind":"plain","optional":true},"availability_zone":{"type":"string","description_kind":"plain","optional":true,"computed":true},"backup_id":{"type":"string","description_kind":"plain","optional":true},"backup_period":{"type":["set","string"],"description_kind":"plain","optional":true,"computed":true},"backup_time":{"type":"string","description_kind":"plain","optional":true,"computed":true},"bandwidth":{"type":"number","description_kind":"plain","computed":true},"business_info":{"type":"string","description_kind":"plain","optional":true},"capacity":{"type":"number","description_kind":"plain","optional":true,"computed":true},"config":{"type":["map","string"],"description_kind":"plain","optional":true},"connection_domain":{"type":"string","description_kind":"plain","computed":true},"connection_string":{"type":"string","description_kind":"plain","computed":true},"connection_string_prefix":{"type":"string","description_kind":"plain","optional":true},"coupon_no":{"type":"string","description_kind":"plain","optional":true},"db_instance_name":{"type":"string","description_kind":"plain","optional":true,"computed":true},"dedicated_host_group_id":{"type":"string","description_kind":"plain","optional":true},"dry_run":{"type":"bool","description_kind":"plain","optional":true},"enable_backup_log":{"type":"number","description_kind":"plain","optional":true},"enable_public":{"type":"bool","description_kind":"plain","optional":true,"computed":true},"end_time":{"type":"string","description_kind":"plain","computed":true},"engine_version":{"type":"string","description_kind":"plain","optional":true},"force_upgrade":{"type":"bool","description_kind":"plain","optional":true},"global_instance":{"type":"bool","description_kind":"plain","optional":true},"global_instance_id":{"type":"string","description_kind":"plain","optional":true},"id":{"type":"string","description_kind":"plain","optional":true,"computed":true},"instance_charge_type":{"type":"string","description_kind":"plain","optional":true,"computed":true},"instance_class":{"type":"string","description_kind":"plain","optional":true},"instance_name":{"type":"string","description_kind":"plain","optional":true,"computed":true},"instance_release_protection":{"type":"bool","description_kind":"plain","optional":true,"computed":true},"instance_type":{"type":"string","description_kind":"plain","optional":true},"kms_encrypted_password":{"type":"string","description_kind":"plain","optional":true},"kms_encryption_context":{"type":["map","string"],"description_kind":"plain","optional":true},"maintain_end_time":{"type":"string","description_kind":"plain","optional":true,"computed":true},"maintain_start_time":{"type":"string","description_kind":"plain","optional":true,"computed":true},"modify_mode":{"type":"number","description_kind":"plain","optional":true},"node_type":{"type":"string","description_kind":"plain","optional":true,"computed":true},"order_type":{"type":"string","description_kind":"plain","optional":true},"password":{"type":"string","description_kind":"plain","optional":true,"sensitive":true},"payment_type":{"type":"string","description_kind":"plain","optional":true,"computed":true},"period":{"type":"string","description_kind":"plain","optional":true},"port":{"type":"number","description_kind":"plain","optional":true},"private_connection_port":{"type":"string","description_kind":"plain","optional":true,"computed":true},"private_connection_prefix":{"type":"string","description_kind":"plain","optional":true},"private_ip":{"type":"string","description_kind":"plain","optional":true,"computed":true},"qps":{"type":"number","description_kind":"plain","computed":true},"resource_group_id":{"type":"string","description_kind":"plain","optional":true,"computed":true},"restore_time":{"type":"string","description_kind":"plain","optional":true},"secondary_zone_id":{"type":"string","description_kind":"plain","optional":true},"security_group_id":{"type":"string","description_kind":"plain","optional":true},"security_ip_group_attribute":{"type":"string","description_kind":"plain","optional":true},"security_ip_group_name":{"type":"string","description_kind":"plain","optional":true,"computed":true},"security_ips":{"type":["set","string"],"description_kind":"plain","optional":true},"srcdb_instance_id":{"type":"string","description_kind":"plain","optional":true},"ssl_enable":{"type":"string","description_kind":"plain","optional":true},"status":{"type":"string","description_kind":"plain","computed":true},"tags":{"type":["map","string"],"description_kind":"plain","optional":true},"vpc_auth_mode":{"type":"string","description_kind":"plain","optional":true},"vswitch_id":{"type":"string","description_kind":"plain","optional":true},"zone_id":{"type":"string","description_kind":"plain","optional":true,"computed":true}},"block_types":{"parameters":{"nesting_mode":"set","block":{"attributes":{"name":{"type":"string","description_kind":"plain","required":true},"value":{"type":"string","description_kind":"plain","required":true}},"description_kind":"plain"}},"timeouts":{"nesting_mode":"single","block":{"attributes":{"create":{"type":"string","description_kind":"plain","optional":true},"update":{"type":"string","description_kind":"plain","optional":true}},"description_kind":"plain"}}},"description_kind":"plain"}},"alicloud_launch_template":{"version":0,"block":{"attributes":{"auto_release_time":{"type":"string","description_kind":"plain","optional":true},"deployment_set_id":{"type":"string","description_kind":"plain","optional":true},"description":{"type":"string","description_kind":"plain","optional":true},"enable_vm_os_config":{"type":"bool","description_kind":"plain","optional":true},"host_name":{"type":"string","description_kind":"plain","optional":true},"id":{"type":"string","description_kind":"plain","optional":true,"computed":true},"image_id":{"type":"string","description_kind":"plain","optional":true},"image_owner_alias":{"type":"string","description_kind":"plain","optional":true},"instance_charge_type":{"type":"string","description_kind":"plain","optional":true},"instance_name":{"type":"string","description_kind":"plain","optional":true},"instance_type":{"type":"string","description_kind":"plain","optional":true},"internet_charge_type":{"type":"string","description_kind":"plain","optional":true},"internet_max_bandwidth_in":{"type":"number","description_kind":"plain","optional":true,"computed":true},"internet_max_bandwidth_out":{"type":"number","description_kind":"plain","optional":true},"io_optimized":{"type":"string","description_kind":"plain","optional":true},"key_pair_name":{"type":"string","description_kind":"plain","optional":true},"launch_template_name":{"type":"string","description_kind":"plain","optional":true,"computed":true},"name":{"type":"string","description_kind":"plain","optional":true,"computed":true},"network_type":{"type":"string","description_kind":"plain","optional":true},"password_inherit":{"type":"bool","description_kind":"plain","optional":true},"period":{"type":"number","description_kind":"plain","optional":true},"private_ip_address":{"type":"string","description_kind":"plain","optional":true},"ram_role_name":{"type":"string","description_kind":"plain","optional":true},"resource_group_id":{"type":"string","description_kind":"plain","optional":true},"security_enhancement_strategy":{"type":"string","description_kind":"plain","optional":true},"security_group_id":{"type":"string","description_kind":"plain","optional":true},"security_group_ids":{"type":["list","string"],"description_kind":"plain","optional":true},"spot_duration":{"type":"string","description_kind":"plain","optional":true},"spot_price_limit":{"type":"number","description_kind":"plain","optional":true},"spot_strategy":{"type":"string","description_kind":"plain","optional":true},"system_disk_category":{"type":"string","description_kind":"plain","optional":true,"computed":true},"system_disk_description":{"type":"string","description_kind":"plain","optional":true,"computed":true},"system_disk_name":{"type":"string","description_kind":"plain","optional":true,"computed":true},"system_disk_size":{"type":"number","description_kind":"plain","optional":true,"computed":true},"tags":{"type":["map","string"],"description_kind":"plain","optional":true},"template_resource_group_id":{"type":"string","description_kind":"plain","optional":true},"template_tags":{"type":["map","string"],"description_kind":"plain","optional":true},"user_data":{"type":"string","description_kind":"plain","optional":true,"computed":true},"userdata":{"type":"string","description_kind":"plain","optional":true,"computed":true},"version_description":{"type":"string","description_kind":"plain","optional":true},"vpc_id":{"type":"string","description_kind":"plain","optional":true},"vswitch_id":{"type":"string","description_kind":"plain","optional":true},"zone_id":{"type":"string","description_kind":"plain","optional":true}},"block_types":{"data_disks":{"nesting_mode":"set","block":{"attributes":{"category":{"type":"string","description_kind":"plain","optional":true},"delete_with_instance":{"type":"bool","description_kind":"plain","optional":true},"description":{"type":"string","description_kind":"plain","optional":true},"encrypted":{"type":"bool","description_kind":"plain","optional":true},"name":{"type":"string","description_kind":"plain","optional":true},"performance_level":{"type":"string","description_kind":"plain","optional":true},"size":{"type":"number","description_kind":"plain","optional":true},"snapshot_id":{"type":"string","description_kind":"plain","optional":true}},"description_kind":"plain"}},"network_interfaces":{"nesting_mode":"set","block":{"attributes":{"description":{"type":"string","description_kind":"plain","optional":true},"name":{"type":"string","description_kind":"plain","optional":true},"primary_ip":{"type":"string","description_kind":"plain","optional":true},"security_group_id":{"type":"string","description_kind":"plain","optional":true},"vswitch_id":{"type":"string","description_kind":"plain","optional":true}},"description_kind":"plain"},"max_items":1},"system_disk":{"nesting_mode":"set","block":{"attributes":{"category":{"type":"string","description_kind":"plain","optional":true,"computed":true},"delete_with_instance":{"type":"bool","description_kind":"plain","optional":true},"description":{"type":"string","description_kind":"plain","optional":true,"computed":true},"iops":{"type":"string","description_kind":"plain","optional":true},"name":{"type":"string","description_kind":"plain","optional":true,"computed":true},"performance_level":{"type":"string","description_kind":"plain","optional":true},"size":{"type":"number","description_kind":"plain","optional":true,"computed":true}},"description_kind":"plain"},"max_items":1}},"description_kind":"plain"}},"alicloud_log_alert":{"version":0,"block":{"attributes":{"alert_description":{"type":"string","description_kind":"plain","optional":true},"alert_displayname":{"type":"string","description_kind":"plain","required":true},"alert_name":{"type":"string","description_kind":"plain","required":true},"condition":{"type":"string","description_kind":"plain","required":true},"dashboard":{"type":"string","description_kind":"plain","required":true},"id":{"type":"string","description_kind":"plain","optional":true,"computed":true},"mute_until":{"type":"number","description_kind":"plain","optional":true},"notify_threshold":{"type":"number","description_kind":"plain","optional":true},"project_name":{"type":"string","description_kind":"plain","required":true},"schedule_interval":{"type":"string","description_kind":"plain","optional":true},"schedule_type":{"type":"string","description_kind":"plain","optional":true},"throttling":{"type":"string","description_kind":"plain","optional":true}},"block_types":{"notification_list":{"nesting_mode":"list","block":{"attributes":{"content":{"type":"string","description_kind":"plain","required":true},"email_list":{"type":["set","string"],"description_kind":"plain","optional":true},"mobile_list":{"type":["set","string"],"description_kind":"plain","optional":true},"service_uri":{"type":"string","description_kind":"plain","optional":true},"type":{"type":"string","description_kind":"plain","required":true}},"description_kind":"plain"},"min_items":1},"query_list":{"nesting_mode":"list","block":{"attributes":{"chart_title":{"type":"string","description_kind":"plain","required":true},"end":{"type":"string","description_kind":"plain","required":true},"logstore":{"type":"string","description_kind":"plain","required":true},"query":{"type":"string","description_kind":"plain","required":true},"start":{"type":"string","description_kind":"plain","required":true},"time_span_type":{"type":"string","description_kind":"plain","optional":true}},"description_kind":"plain"},"min_items":1}},"description_kind":"plain"}},"alicloud_log_audit":{"version":0,"block":{"attributes":{"aliuid":{"type":"string","description_kind":"plain","required":true},"display_name":{"type":"string","description_kind":"plain","required":true},"id":{"type":"string","description_kind":"plain","optional":true,"computed":true},"multi_account":{"type":["set","string"],"description_kind":"plain","optional":true},"variable_map":{"type":["map","string"],"description_kind":"plain","optional":true}},"description_kind":"plain"}},"alicloud_log_dashboard":{"version":0,"block":{"attributes":{"char_list":{"type":"string","description_kind":"plain","required":true},"dashboard_name":{"type":"string","description_kind":"plain","required":true},"display_name":{"type":"string","description_kind":"plain","optional":true},"id":{"type":"string","description_kind":"plain","optional":true,"computed":true},"project_name":{"type":"string","description_kind":"plain","required":true}},"description_kind":"plain"}},"alicloud_log_etl":{"version":0,"block":{"attributes":{"access_key_id":{"type":"string","description_kind":"plain","optional":true,"sensitive":true},"access_key_secret":{"type":"string","description_kind":"plain","optional":true,"sensitive":true},"create_time":{"type":"number","description_kind":"plain","optional":true,"computed":true},"description":{"type":"string","description_kind":"plain","optional":true},"display_name":{"type":"string","description_kind":"plain","required":true},"etl_name":{"type":"string","description_kind":"plain","required":true},"etl_type":{"type":"string","description_kind":"plain","optional":true},"from_time":{"type":"number","description_kind":"plain","optional":true,"computed":true},"id":{"type":"string","description_kind":"plain","optional":true,"computed":true},"kms_encrypted_access_key_id":{"type":"string","description_kind":"plain","optional":true},"kms_encrypted_access_key_secret":{"type":"string","description_kind":"plain","optional":true},"kms_encryption_access_key_id_context":{"type":["map","string"],"description_kind":"plain","optional":true},"kms_encryption_access_key_secret_context":{"type":["map","string"],"description_kind":"plain","optional":true},"last_modified_time":{"type":"number","description_kind":"plain","optional":true,"computed":true},"logstore":{"type":"string","description_kind":"plain","required":true},"parameters":{"type":["map","string"],"description_kind":"plain","optional":true},"project":{"type":"string","description_kind":"plain","required":true},"role_arn":{"type":"string","description_kind":"plain","optional":true},"schedule":{"type":"string","description_kind":"plain","optional":true},"script":{"type":"string","description_kind":"plain","required":true},"status":{"type":"string","description_kind":"plain","optional":true,"computed":true},"to_time":{"type":"number","description_kind":"plain","optional":true},"version":{"type":"number","description_kind":"plain","optional":true}},"block_types":{"etl_sinks":{"nesting_mode":"set","block":{"attributes":{"access_key_id":{"type":"string","description_kind":"plain","optional":true,"sensitive":true},"access_key_secret":{"type":"string","description_kind":"plain","optional":true,"sensitive":true},"endpoint":{"type":"string","description_kind":"plain","required":true},"kms_encrypted_access_key_id":{"type":"string","description_kind":"plain","optional":true},"kms_encrypted_access_key_secret":{"type":"string","description_kind":"plain","optional":true},"logstore":{"type":"string","description_kind":"plain","required":true},"name":{"type":"string","description_kind":"plain","required":true},"project":{"type":"string","description_kind":"plain","required":true},"role_arn":{"type":"string","description_kind":"plain","optional":true},"type":{"type":"string","description_kind":"plain","optional":true}},"description_kind":"plain"},"min_items":1},"timeouts":{"nesting_mode":"single","block":{"attributes":{"create":{"type":"string","description_kind":"plain","optional":true},"delete":{"type":"string","description_kind":"plain","optional":true},"update":{"type":"string","description_kind":"plain","optional":true}},"description_kind":"plain"}}},"description_kind":"plain"}},"alicloud_log_machine_group":{"version":0,"block":{"attributes":{"id":{"type":"string","description_kind":"plain","optional":true,"computed":true},"identify_list":{"type":["set","string"],"description_kind":"plain","required":true},"identify_type":{"type":"string","description_kind":"plain","optional":true},"name":{"type":"string","description_kind":"plain","required":true},"project":{"type":"string","description_kind":"plain","required":true},"topic":{"type":"string","description_kind":"plain","optional":true}},"description_kind":"plain"}},"alicloud_log_oss_shipper":{"version":0,"block":{"attributes":{"buffer_interval":{"type":"number","description_kind":"plain","required":true},"buffer_size":{"type":"number","description_kind":"plain","required":true},"compress_type":{"type":"string","description_kind":"plain","optional":true},"csv_config_columns":{"type":["list","string"],"description_kind":"plain","optional":true},"csv_config_delimiter":{"type":"string","description_kind":"plain","optional":true},"csv_config_header":{"type":"bool","description_kind":"plain","optional":true},"csv_config_linefeed":{"type":"string","description_kind":"plain","optional":true},"csv_config_nullidentifier":{"type":"string","description_kind":"plain","optional":true},"csv_config_quote":{"type":"string","description_kind":"plain","optional":true},"format":{"type":"string","description_kind":"plain","required":true},"id":{"type":"string","description_kind":"plain","optional":true,"computed":true},"json_enable_tag":{"type":"bool","description_kind":"plain","optional":true},"logstore_name":{"type":"string","description_kind":"plain","required":true},"oss_bucket":{"type":"string","description_kind":"plain","required":true},"oss_prefix":{"type":"string","description_kind":"plain","optional":true},"path_format":{"type":"string","description_kind":"plain","required":true},"project_name":{"type":"string","description_kind":"plain","required":true},"role_arn":{"type":"string","description_kind":"plain","optional":true},"shipper_name":{"type":"string","description_kind":"plain","required":true}},"block_types":{"parquet_config":{"nesting_mode":"set","block":{"attributes":{"name":{"type":"string","description_kind":"plain","required":true},"type":{"type":"string","description_kind":"plain","required":true}},"description_kind":"plain"}},"timeouts":{"nesting_mode":"single","block":{"attributes":{"create":{"type":"string","description_kind":"plain","optional":true},"delete":{"type":"string","description_kind":"plain","optional":true},"update":{"type":"string","description_kind":"plain","optional":true}},"description_kind":"plain"}}},"description_kind":"plain"}},"alicloud_log_project":{"version":0,"block":{"attributes":{"description":{"type":"string","description_kind":"plain","optional":true},"id":{"type":"string","description_kind":"plain","optional":true,"computed":true},"name":{"type":"string","description_kind":"plain","required":true},"tags":{"type":["map","string"],"description_kind":"plain","optional":true}},"block_types":{"timeouts":{"nesting_mode":"single","block":{"attributes":{"create":{"type":"string","description_kind":"plain","optional":true}},"description_kind":"plain"}}},"description_kind":"plain"}},"alicloud_log_store":{"version":0,"block":{"attributes":{"append_meta":{"type":"bool","description_kind":"plain","optional":true},"auto_split":{"type":"bool","description_kind":"plain","optional":true},"enable_web_tracking":{"type":"bool","description_kind":"plain","optional":true},"id":{"type":"string","description_kind":"plain","optional":true,"computed":true},"max_split_shard_count":{"type":"number","description_kind":"plain","optional":true},"name":{"type":"string","description_kind":"plain","required":true},"project":{"type":"string","description_kind":"plain","required":true},"retention_period":{"type":"number","description_kind":"plain","optional":true},"shard_count":{"type":"number","description_kind":"plain","optional":true},"shards":{"type":["list",["object",{"begin_key":"string","end_key":"string","id":"number","status":"string"}]],"description_kind":"plain","computed":true}},"block_types":{"encrypt_conf":{"nesting_mode":"set","block":{"attributes":{"enable":{"type":"bool","description_kind":"plain","optional":true},"encrypt_type":{"type":"string","description_kind":"plain","optional":true}},"block_types":{"user_cmk_info":{"nesting_mode":"set","block":{"attributes":{"arn":{"type":"string","description_kind":"plain","required":true},"cmk_key_id":{"type":"string","description_kind":"plain","required":true},"region_id":{"type":"string","description_kind":"plain","required":true}},"description_kind":"plain"},"max_items":1}},"description_kind":"plain"},"max_items":1}},"description_kind":"plain"}},"alicloud_log_store_index":{"version":0,"block":{"attributes":{"id":{"type":"string","description_kind":"plain","optional":true,"computed":true},"logstore":{"type":"string","description_kind":"plain","required":true},"project":{"type":"string","description_kind":"plain","required":true}},"block_types":{"field_search":{"nesting_mode":"set","block":{"attributes":{"alias":{"type":"string","description_kind":"plain","optional":true},"case_sensitive":{"type":"bool","description_kind":"plain","optional":true},"enable_analytics":{"type":"bool","description_kind":"plain","optional":true},"include_chinese":{"type":"bool","description_kind":"plain","optional":true},"name":{"type":"string","description_kind":"plain","required":true},"token":{"type":"string","description_kind":"plain","optional":true},"type":{"type":"string","description_kind":"plain","optional":true}},"block_types":{"json_keys":{"nesting_mode":"set","block":{"attributes":{"alias":{"type":"string","description_kind":"plain","optional":true},"doc_value":{"type":"bool","description_kind":"plain","optional":true},"name":{"type":"string","description_kind":"plain","required":true},"type":{"type":"string","description_kind":"plain","optional":true}},"description_kind":"plain"}}},"description_kind":"plain"}},"full_text":{"nesting_mode":"set","block":{"attributes":{"case_sensitive":{"type":"bool","description_kind":"plain","optional":true},"include_chinese":{"type":"bool","description_kind":"plain","optional":true},"token":{"type":"string","description_kind":"plain","optional":true}},"description_kind":"plain"},"max_items":1}},"description_kind":"plain"}},"alicloud_logtail_attachment":{"version":0,"block":{"attributes":{"id":{"type":"string","description_kind":"plain","optional":true,"computed":true},"logtail_config_name":{"type":"string","description_kind":"plain","required":true},"machine_group_name":{"type":"string","description_kind":"plain","required":true},"project":{"type":"string","description_kind":"plain","required":true}},"description_kind":"plain"}},"alicloud_logtail_config":{"version":0,"block":{"attributes":{"id":{"type":"string","description_kind":"plain","optional":true,"computed":true},"input_detail":{"type":"string","description_kind":"plain","required":true},"input_type":{"type":"string","description_kind":"plain","required":true},"log_sample":{"type":"string","description_kind":"plain","optional":true},"logstore":{"type":"string","description_kind":"plain","required":true},"name":{"type":"string","description_kind":"plain","required":true},"output_type":{"type":"string","description_kind":"plain","required":true},"project":{"type":"string","description_kind":"plain","required":true}},"description_kind":"plain"}},"alicloud_market_order":{"version":0,"block":{"attributes":{"components":{"type":["map","string"],"description_kind":"plain","optional":true},"coupon_id":{"type":"string","description_kind":"plain","optional":true},"duration":{"type":"number","description_kind":"plain","optional":true},"id":{"type":"string","description_kind":"plain","optional":true,"computed":true},"package_version":{"type":"string","description_kind":"plain","required":true},"pay_type":{"type":"string","description_kind":"plain","optional":true},"pricing_cycle":{"type":"string","description_kind":"plain","required":true},"product_code":{"type":"string","description_kind":"plain","required":true},"quantity":{"type":"number","description_kind":"plain","optional":true}},"description_kind":"plain"}},"alicloud_maxcompute_project":{"version":0,"block":{"attributes":{"id":{"type":"string","description_kind":"plain","optional":true,"computed":true},"name":{"type":"string","description_kind":"plain","optional":true,"computed":true},"order_type":{"type":"string","description_kind":"plain","required":true},"project_name":{"type":"string","description_kind":"plain","optional":true,"computed":true},"specification_type":{"type":"string","description_kind":"plain","required":true}},"block_types":{"timeouts":{"nesting_mode":"single","block":{"attributes":{"delete":{"type":"string","description_kind":"plain","optional":true}},"description_kind":"plain"}}},"description_kind":"plain"}},"alicloud_mns_queue":{"version":0,"block":{"attributes":{"delay_seconds":{"type":"number","description_kind":"plain","optional":true},"id":{"type":"string","description_kind":"plain","optional":true,"computed":true},"maximum_message_size":{"type":"number","description_kind":"plain","optional":true},"message_retention_period":{"type":"number","description_kind":"plain","optional":true},"name":{"type":"string","description_kind":"plain","required":true},"polling_wait_seconds":{"type":"number","description_kind":"plain","optional":true},"visibility_timeout":{"type":"number","description_kind":"plain","optional":true}},"description_kind":"plain"}},"alicloud_mns_topic":{"version":0,"block":{"attributes":{"id":{"type":"string","description_kind":"plain","optional":true,"computed":true},"logging_enabled":{"type":"bool","description_kind":"plain","optional":true},"maximum_message_size":{"type":"number","description_kind":"plain","optional":true},"name":{"type":"string","description_kind":"plain","required":true}},"description_kind":"plain"}},"alicloud_mns_topic_subscription":{"version":0,"block":{"attributes":{"endpoint":{"type":"string","description_kind":"plain","required":true},"filter_tag":{"type":"string","description_kind":"plain","optional":true},"id":{"type":"string","description_kind":"plain","optional":true,"computed":true},"name":{"type":"string","description_kind":"plain","required":true},"notify_content_format":{"type":"string","description_kind":"plain","optional":true},"notify_strategy":{"type":"string","description_kind":"plain","optional":true},"topic_name":{"type":"string","description_kind":"plain","required":true}},"description_kind":"plain"}},"alicloud_mongodb_instance":{"version":0,"block":{"attributes":{"account_password":{"type":"string","description_kind":"plain","optional":true,"sensitive":true},"backup_period":{"type":["set","string"],"description_kind":"plain","optional":true,"computed":true},"backup_time":{"type":"string","description_kind":"plain","optional":true,"computed":true},"db_instance_class":{"type":"string","description_kind":"plain","required":true},"db_instance_storage":{"type":"number","description_kind":"plain","required":true},"engine_version":{"type":"string","description_kind":"plain","required":true},"id":{"type":"string","description_kind":"plain","optional":true,"computed":true},"instance_charge_type":{"type":"string","description_kind":"plain","optional":true},"kms_encrypted_password":{"type":"string","description_kind":"plain","optional":true},"kms_encryption_context":{"type":["map","string"],"description_kind":"plain","optional":true},"maintain_end_time":{"type":"string","description_kind":"plain","optional":true,"computed":true},"maintain_start_time":{"type":"string","description_kind":"plain","optional":true,"computed":true},"name":{"type":"string","description_kind":"plain","optional":true},"period":{"type":"number","description_kind":"plain","optional":true,"computed":true},"replica_set_name":{"type":"string","description_kind":"plain","computed":true},"replication_factor":{"type":"number","description_kind":"plain","optional":true,"computed":true},"retention_period":{"type":"number","description_kind":"plain","computed":true},"security_group_id":{"type":"string","description_kind":"plain","optional":true,"computed":true},"security_ip_list":{"type":["set","string"],"description_kind":"plain","optional":true,"computed":true},"ssl_action":{"type":"string","description_kind":"plain","optional":true,"computed":true},"ssl_status":{"type":"string","description_kind":"plain","computed":true},"storage_engine":{"type":"string","description_kind":"plain","optional":true,"computed":true},"tags":{"type":["map","string"],"description_kind":"plain","optional":true},"tde_status":{"type":"string","description_kind":"plain","optional":true},"vswitch_id":{"type":"string","description_kind":"plain","optional":true,"computed":true},"zone_id":{"type":"string","description_kind":"plain","optional":true,"computed":true}},"block_types":{"timeouts":{"nesting_mode":"single","block":{"attributes":{"create":{"type":"string","description_kind":"plain","optional":true},"delete":{"type":"string","description_kind":"plain","optional":true},"update":{"type":"string","description_kind":"plain","optional":true}},"description_kind":"plain"}}},"description_kind":"plain"}},"alicloud_mongodb_sharding_instance":{"version":0,"block":{"attributes":{"account_password":{"type":"string","description_kind":"plain","optional":true,"sensitive":true},"backup_period":{"type":["set","string"],"description_kind":"plain","optional":true,"computed":true},"backup_time":{"type":"string","description_kind":"plain","optional":true,"computed":true},"engine_version":{"type":"string","description_kind":"plain","required":true},"id":{"type":"string","description_kind":"plain","optional":true,"computed":true},"instance_charge_type":{"type":"string","description_kind":"plain","optional":true,"computed":true},"kms_encrypted_password":{"type":"string","description_kind":"plain","optional":true},"kms_encryption_context":{"type":["map","string"],"description_kind":"plain","optional":true},"name":{"type":"string","description_kind":"plain","optional":true},"period":{"type":"number","description_kind":"plain","optional":true,"computed":true},"retention_period":{"type":"number","description_kind":"plain","computed":true},"security_group_id":{"type":"string","description_kind":"plain","optional":true,"computed":true},"security_ip_list":{"type":["set","string"],"description_kind":"plain","optional":true,"computed":true},"storage_engine":{"type":"string","description_kind":"plain","optional":true,"computed":true},"tags":{"type":["map","string"],"description_kind":"plain","optional":true},"tde_status":{"type":"string","description_kind":"plain","optional":true},"vswitch_id":{"type":"string","description_kind":"plain","optional":true},"zone_id":{"type":"string","description_kind":"plain","optional":true}},"block_types":{"mongo_list":{"nesting_mode":"list","block":{"attributes":{"connect_string":{"type":"string","description_kind":"plain","computed":true},"node_class":{"type":"string","description_kind":"plain","required":true},"node_id":{"type":"string","description_kind":"plain","computed":true},"port":{"type":"number","description_kind":"plain","computed":true}},"description_kind":"plain"},"min_items":2,"max_items":32},"shard_list":{"nesting_mode":"list","block":{"attributes":{"node_class":{"type":"string","description_kind":"plain","required":true},"node_id":{"type":"string","description_kind":"plain","computed":true},"node_storage":{"type":"number","description_kind":"plain","required":true},"readonly_replicas":{"type":"number","description_kind":"plain","optional":true,"computed":true}},"description_kind":"plain"},"min_items":2,"max_items":32},"timeouts":{"nesting_mode":"single","block":{"attributes":{"create":{"type":"string","description_kind":"plain","optional":true},"delete":{"type":"string","description_kind":"plain","optional":true},"update":{"type":"string","description_kind":"plain","optional":true}},"description_kind":"plain"}}},"description_kind":"plain"}},"alicloud_mse_cluster":{"version":0,"block":{"attributes":{"acl_entry_list":{"type":["set","string"],"description_kind":"plain","optional":true},"cluster_alias_name":{"type":"string","description_kind":"plain","optional":true},"cluster_specification":{"type":"string","description_kind":"plain","required":true},"cluster_type":{"type":"string","description_kind":"plain","required":true},"cluster_version":{"type":"string","description_kind":"plain","required":true},"disk_type":{"type":"string","description_kind":"plain","optional":true},"id":{"type":"string","description_kind":"plain","optional":true,"computed":true},"instance_count":{"type":"number","description_kind":"plain","required":true},"net_type":{"type":"string","description_kind":"plain","required":true},"private_slb_specification":{"type":"string","description_kind":"plain","optional":true},"pub_network_flow":{"type":"string","description_kind":"plain","optional":true},"pub_slb_specification":{"type":"string","description_kind":"plain","optional":true},"status":{"type":"string","description_kind":"plain","computed":true},"vswitch_id":{"type":"string","description_kind":"plain","optional":true}},"block_types":{"timeouts":{"nesting_mode":"single","block":{"attributes":{"create":{"type":"string","description_kind":"plain","optional":true},"delete":{"type":"string","description_kind":"plain","optional":true}},"description_kind":"plain"}}},"description_kind":"plain"}},"alicloud_nas_access_group":{"version":0,"block":{"attributes":{"access_group_name":{"type":"string","description_kind":"plain","optional":true,"computed":true},"access_group_type":{"type":"string","description_kind":"plain","optional":true,"computed":true},"description":{"type":"string","description_kind":"plain","optional":true},"file_system_type":{"type":"string","description_kind":"plain","optional":true},"id":{"type":"string","description_kind":"plain","optional":true,"computed":true},"name":{"type":"string","description_kind":"plain","optional":true,"computed":true},"type":{"type":"string","description_kind":"plain","optional":true,"computed":true}},"block_types":{"timeouts":{"nesting_mode":"single","block":{"attributes":{"create":{"type":"string","description_kind":"plain","optional":true}},"description_kind":"plain"}}},"description_kind":"plain"}},"alicloud_nas_access_rule":{"version":0,"block":{"attributes":{"access_group_name":{"type":"string","description_kind":"plain","required":true},"access_rule_id":{"type":"string","description_kind":"plain","computed":true},"id":{"type":"string","description_kind":"plain","optional":true,"computed":true},"priority":{"type":"number","description_kind":"plain","optional":true},"rw_access_type":{"type":"string","description_kind":"plain","optional":true},"source_cidr_ip":{"type":"string","description_kind":"plain","required":true},"user_access_type":{"type":"string","description_kind":"plain","optional":true}},"description_kind":"plain"}},"alicloud_nas_file_system":{"version":0,"block":{"attributes":{"description":{"type":"string","description_kind":"plain","optional":true},"encrypt_type":{"type":"number","description_kind":"plain","optional":true},"id":{"type":"string","description_kind":"plain","optional":true,"computed":true},"protocol_type":{"type":"string","description_kind":"plain","required":true},"storage_type":{"type":"string","description_kind":"plain","required":true}},"description_kind":"plain"}},"alicloud_nas_mount_target":{"version":0,"block":{"attributes":{"access_group_name":{"type":"string","description_kind":"plain","optional":true},"file_system_id":{"type":"string","description_kind":"plain","required":true},"id":{"type":"string","description_kind":"plain","optional":true,"computed":true},"security_group_id":{"type":"string","description_kind":"plain","optional":true},"status":{"type":"string","description_kind":"plain","optional":true,"computed":true},"vswitch_id":{"type":"string","description_kind":"plain","optional":true}},"block_types":{"timeouts":{"nesting_mode":"single","block":{"attributes":{"create":{"type":"string","description_kind":"plain","optional":true}},"description_kind":"plain"}}},"description_kind":"plain"}},"alicloud_nat_gateway":{"version":0,"block":{"attributes":{"bandwidth_package_ids":{"type":"string","description_kind":"plain","computed":true},"deletion_protection":{"type":"bool","description_kind":"plain","optional":true,"computed":true},"description":{"type":"string","description_kind":"plain","optional":true},"dry_run":{"type":"bool","description_kind":"plain","optional":true},"force":{"type":"bool","description_kind":"plain","optional":true},"forward_table_ids":{"type":"string","description_kind":"plain","computed":true},"id":{"type":"string","description_kind":"plain","optional":true,"computed":true},"instance_charge_type":{"type":"string","description_kind":"plain","optional":true,"computed":true},"internet_charge_type":{"type":"string","description_kind":"plain","optional":true,"computed":true},"name":{"type":"string","description_kind":"plain","optional":true,"computed":true},"nat_gateway_name":{"type":"string","description_kind":"plain","optional":true,"computed":true},"nat_type":{"type":"string","description_kind":"plain","optional":true},"payment_type":{"type":"string","description_kind":"plain","optional":true,"computed":true},"period":{"type":"number","description_kind":"plain","optional":true},"snat_table_ids":{"type":"string","description_kind":"plain","computed":true},"spec":{"type":"string","description_kind":"plain","optional":true},"specification":{"type":"string","description_kind":"plain","optional":true},"status":{"type":"string","description_kind":"plain","computed":true},"tags":{"type":["map","string"],"description_kind":"plain","optional":true},"vpc_id":{"type":"string","description_kind":"plain","required":true},"vswitch_id":{"type":"string","description_kind":"plain","optional":true}},"block_types":{"bandwidth_packages":{"nesting_mode":"list","block":{"attributes":{"bandwidth":{"type":"number","description_kind":"plain","required":true},"ip_count":{"type":"number","description_kind":"plain","required":true},"public_ip_addresses":{"type":"string","description_kind":"plain","computed":true},"zone":{"type":"string","description_kind":"plain","optional":true,"computed":true}},"description_kind":"plain"},"max_items":4},"timeouts":{"nesting_mode":"single","block":{"attributes":{"create":{"type":"string","description_kind":"plain","optional":true},"delete":{"type":"string","description_kind":"plain","optional":true},"update":{"type":"string","description_kind":"plain","optional":true}},"description_kind":"plain"}}},"description_kind":"plain"}},"alicloud_network_acl":{"version":0,"block":{"attributes":{"description":{"type":"string","description_kind":"plain","optional":true},"id":{"type":"string","description_kind":"plain","optional":true,"computed":true},"name":{"type":"string","description_kind":"plain","optional":true,"computed":true},"network_acl_name":{"type":"string","description_kind":"plain","optional":true,"computed":true},"status":{"type":"string","description_kind":"plain","computed":true},"vpc_id":{"type":"string","description_kind":"plain","required":true}},"block_types":{"egress_acl_entries":{"nesting_mode":"list","block":{"attributes":{"description":{"type":"string","description_kind":"plain","optional":true},"destination_cidr_ip":{"type":"string","description_kind":"plain","optional":true},"network_acl_entry_name":{"type":"string","description_kind":"plain","optional":true},"policy":{"type":"string","description_kind":"plain","optional":true},"port":{"type":"string","description_kind":"plain","optional":true},"protocol":{"type":"string","description_kind":"plain","optional":true}},"description_kind":"plain"}},"ingress_acl_entries":{"nesting_mode":"list","block":{"attributes":{"description":{"type":"string","description_kind":"plain","optional":true},"network_acl_entry_name":{"type":"string","description_kind":"plain","optional":true},"policy":{"type":"string","description_kind":"plain","optional":true},"port":{"type":"string","description_kind":"plain","optional":true},"protocol":{"type":"string","description_kind":"plain","optional":true},"source_cidr_ip":{"type":"string","description_kind":"plain","optional":true}},"description_kind":"plain"}},"resources":{"nesting_mode":"set","block":{"attributes":{"resource_id":{"type":"string","description_kind":"plain","optional":true},"resource_type":{"type":"string","description_kind":"plain","optional":true}},"description_kind":"plain"}},"timeouts":{"nesting_mode":"single","block":{"attributes":{"create":{"type":"string","description_kind":"plain","optional":true},"delete":{"type":"string","description_kind":"plain","optional":true},"update":{"type":"string","description_kind":"plain","optional":true}},"description_kind":"plain"}}},"description_kind":"plain"}},"alicloud_network_acl_attachment":{"version":0,"block":{"attributes":{"id":{"type":"string","description_kind":"plain","optional":true,"computed":true},"network_acl_id":{"type":"string","description_kind":"plain","required":true}},"block_types":{"resources":{"nesting_mode":"set","block":{"attributes":{"resource_id":{"type":"string","description_kind":"plain","required":true},"resource_type":{"type":"string","description_kind":"plain","required":true}},"description_kind":"plain"},"min_items":1}},"description_kind":"plain"}},"alicloud_network_acl_entries":{"version":0,"block":{"attributes":{"id":{"type":"string","description_kind":"plain","optional":true,"computed":true},"network_acl_id":{"type":"string","description_kind":"plain","required":true}},"block_types":{"egress":{"nesting_mode":"list","block":{"attributes":{"description":{"type":"string","description_kind":"plain","optional":true,"computed":true},"destination_cidr_ip":{"type":"string","description_kind":"plain","optional":true,"computed":true},"entry_type":{"type":"string","description_kind":"plain","optional":true,"computed":true},"name":{"type":"string","description_kind":"plain","optional":true,"computed":true},"policy":{"type":"string","description_kind":"plain","optional":true,"computed":true},"port":{"type":"string","description_kind":"plain","optional":true,"computed":true},"protocol":{"type":"string","description_kind":"plain","optional":true,"computed":true}},"description_kind":"plain"}},"ingress":{"nesting_mode":"list","block":{"attributes":{"description":{"type":"string","description_kind":"plain","optional":true,"computed":true},"entry_type":{"type":"string","description_kind":"plain","optional":true,"computed":true},"name":{"type":"string","description_kind":"plain","optional":true,"computed":true},"policy":{"type":"string","description_kind":"plain","optional":true,"computed":true},"port":{"type":"string","description_kind":"plain","optional":true,"computed":true},"protocol":{"type":"string","description_kind":"plain","optional":true,"computed":true},"source_cidr_ip":{"type":"string","description_kind":"plain","optional":true,"computed":true}},"description_kind":"plain"}}},"description_kind":"plain"}},"alicloud_network_interface":{"version":0,"block":{"attributes":{"description":{"type":"string","description_kind":"plain","optional":true},"id":{"type":"string","description_kind":"plain","optional":true,"computed":true},"mac":{"type":"string","description_kind":"plain","computed":true},"name":{"type":"string","description_kind":"plain","optional":true,"computed":true},"network_interface_name":{"type":"string","description_kind":"plain","optional":true,"computed":true},"primary_ip_address":{"type":"string","description_kind":"plain","optional":true,"computed":true},"private_ip":{"type":"string","description_kind":"plain","optional":true,"computed":true},"private_ip_addresses":{"type":["set","string"],"description_kind":"plain","optional":true,"computed":true},"private_ips":{"type":["set","string"],"description_kind":"plain","optional":true,"computed":true},"private_ips_count":{"type":"number","description_kind":"plain","optional":true,"computed":true},"queue_number":{"type":"number","description_kind":"plain","optional":true,"computed":true},"resource_group_id":{"type":"string","description_kind":"plain","optional":true},"secondary_private_ip_address_count":{"type":"number","description_kind":"plain","optional":true,"computed":true},"security_group_ids":{"type":["list","string"],"description_kind":"plain","optional":true,"computed":true},"security_groups":{"type":["list","string"],"description_kind":"plain","optional":true,"computed":true},"status":{"type":"string","description_kind":"plain","computed":true},"tags":{"type":["map","string"],"description_kind":"plain","optional":true},"vswitch_id":{"type":"string","description_kind":"plain","required":true}},"block_types":{"timeouts":{"nesting_mode":"single","block":{"attributes":{"create":{"type":"string","description_kind":"plain","optional":true},"delete":{"type":"string","description_kind":"plain","optional":true},"update":{"type":"string","description_kind":"plain","optional":true}},"description_kind":"plain"}}},"description_kind":"plain"}},"alicloud_network_interface_attachment":{"version":0,"block":{"attributes":{"id":{"type":"string","description_kind":"plain","optional":true,"computed":true},"instance_id":{"type":"string","description_kind":"plain","required":true},"network_interface_id":{"type":"string","description_kind":"plain","required":true},"trunk_network_instance_id":{"type":"string","description_kind":"plain","optional":true},"wait_for_network_configuration_ready":{"type":"bool","description_kind":"plain","optional":true}},"block_types":{"timeouts":{"nesting_mode":"single","block":{"attributes":{"create":{"type":"string","description_kind":"plain","optional":true},"delete":{"type":"string","description_kind":"plain","optional":true}},"description_kind":"plain"}}},"description_kind":"plain"}},"alicloud_ons_group":{"version":0,"block":{"attributes":{"group_id":{"type":"string","description_kind":"plain","optional":true,"computed":true},"group_name":{"type":"string","description_kind":"plain","optional":true,"computed":true},"group_type":{"type":"string","description_kind":"plain","optional":true},"id":{"type":"string","description_kind":"plain","optional":true,"computed":true},"instance_id":{"type":"string","description_kind":"plain","required":true},"read_enable":{"type":"bool","description_kind":"plain","optional":true},"remark":{"type":"string","description_kind":"plain","optional":true},"tags":{"type":["map","string"],"description_kind":"plain","optional":true}},"block_types":{"timeouts":{"nesting_mode":"single","block":{"attributes":{"create":{"type":"string","description_kind":"plain","optional":true},"delete":{"type":"string","description_kind":"plain","optional":true}},"description_kind":"plain"}}},"description_kind":"plain"}},"alicloud_ons_instance":{"version":0,"block":{"attributes":{"id":{"type":"string","description_kind":"plain","optional":true,"computed":true},"instance_name":{"type":"string","description_kind":"plain","optional":true,"computed":true},"instance_status":{"type":"number","description_kind":"plain","computed":true},"instance_type":{"type":"number","description_kind":"plain","computed":true},"name":{"type":"string","description_kind":"plain","optional":true,"computed":true},"release_time":{"type":"string","description_kind":"plain","computed":true},"remark":{"type":"string","description_kind":"plain","optional":true},"status":{"type":"number","description_kind":"plain","computed":true},"tags":{"type":["map","string"],"description_kind":"plain","optional":true}},"block_types":{"timeouts":{"nesting_mode":"single","block":{"attributes":{"create":{"type":"string","description_kind":"plain","optional":true},"delete":{"type":"string","description_kind":"plain","optional":true}},"description_kind":"plain"}}},"description_kind":"plain"}},"alicloud_ons_topic":{"version":0,"block":{"attributes":{"id":{"type":"string","description_kind":"plain","optional":true,"computed":true},"instance_id":{"type":"string","description_kind":"plain","required":true},"message_type":{"type":"number","description_kind":"plain","required":true},"perm":{"type":"number","description_kind":"plain","optional":true},"remark":{"type":"string","description_kind":"plain","optional":true},"tags":{"type":["map","string"],"description_kind":"plain","optional":true},"topic":{"type":"string","description_kind":"plain","optional":true,"computed":true},"topic_name":{"type":"string","description_kind":"plain","optional":true,"computed":true}},"block_types":{"timeouts":{"nesting_mode":"single","block":{"attributes":{"create":{"type":"string","description_kind":"plain","optional":true},"delete":{"type":"string","description_kind":"plain","optional":true}},"description_kind":"plain"}}},"description_kind":"plain"}},"alicloud_oos_execution":{"version":0,"block":{"attributes":{"counters":{"type":"string","description_kind":"plain","computed":true},"create_date":{"type":"string","description_kind":"plain","computed":true},"description":{"type":"string","description_kind":"plain","optional":true},"end_date":{"type":"string","description_kind":"plain","computed":true},"executed_by":{"type":"string","description_kind":"plain","computed":true},"id":{"type":"string","description_kind":"plain","optional":true,"computed":true},"is_parent":{"type":"bool","description_kind":"plain","computed":true},"loop_mode":{"type":"string","description_kind":"plain","optional":true},"mode":{"type":"string","description_kind":"plain","optional":true},"outputs":{"type":"string","description_kind":"plain","computed":true},"parameters":{"type":"string","description_kind":"plain","optional":true},"parent_execution_id":{"type":"string","description_kind":"plain","optional":true},"ram_role":{"type":"string","description_kind":"plain","computed":true},"safety_check":{"type":"string","description_kind":"plain","optional":true},"start_date":{"type":"string","description_kind":"plain","computed":true},"status":{"type":"string","description_kind":"plain","computed":true},"status_message":{"type":"string","description_kind":"plain","computed":true},"template_content":{"type":"string","description_kind":"plain","optional":true},"template_id":{"type":"string","description_kind":"plain","computed":true},"template_name":{"type":"string","description_kind":"plain","required":true},"template_version":{"type":"string","description_kind":"plain","optional":true,"computed":true},"update_date":{"type":"string","description_kind":"plain","computed":true}},"block_types":{"timeouts":{"nesting_mode":"single","block":{"attributes":{"create":{"type":"string","description_kind":"plain","optional":true}},"description_kind":"plain"}}},"description_kind":"plain"}},"alicloud_oos_template":{"version":0,"block":{"attributes":{"auto_delete_executions":{"type":"bool","description_kind":"plain","optional":true},"content":{"type":"string","description_kind":"plain","required":true},"created_by":{"type":"string","description_kind":"plain","computed":true},"created_date":{"type":"string","description_kind":"plain","computed":true},"description":{"type":"string","description_kind":"plain","computed":true},"has_trigger":{"type":"bool","description_kind":"plain","computed":true},"id":{"type":"string","description_kind":"plain","optional":true,"computed":true},"share_type":{"type":"string","description_kind":"plain","computed":true},"tags":{"type":["map","string"],"description_kind":"plain","optional":true},"template_format":{"type":"string","description_kind":"plain","computed":true},"template_id":{"type":"string","description_kind":"plain","computed":true},"template_name":{"type":"string","description_kind":"plain","required":true},"template_type":{"type":"string","description_kind":"plain","computed":true},"template_version":{"type":"string","description_kind":"plain","computed":true},"updated_by":{"type":"string","description_kind":"plain","computed":true},"updated_date":{"type":"string","description_kind":"plain","computed":true},"version_name":{"type":"string","description_kind":"plain","optional":true}},"description_kind":"plain"}},"alicloud_oss_bucket":{"version":0,"block":{"attributes":{"acl":{"type":"string","description_kind":"plain","optional":true},"bucket":{"type":"string","description_kind":"plain","optional":true},"creation_date":{"type":"string","description_kind":"plain","computed":true},"extranet_endpoint":{"type":"string","description_kind":"plain","computed":true},"force_destroy":{"type":"bool","description_kind":"plain","optional":true},"id":{"type":"string","description_kind":"plain","optional":true,"computed":true},"intranet_endpoint":{"type":"string","description_kind":"plain","computed":true},"location":{"type":"string","description_kind":"plain","computed":true},"logging_isenable":{"type":"bool","description_kind":"plain","optional":true},"owner":{"type":"string","description_kind":"plain","computed":true},"policy":{"type":"string","description_kind":"plain","optional":true},"redundancy_type":{"type":"string","description_kind":"plain","optional":true},"storage_class":{"type":"string","description_kind":"plain","optional":true},"tags":{"type":["map","string"],"description_kind":"plain","optional":true}},"block_types":{"cors_rule":{"nesting_mode":"list","block":{"attributes":{"allowed_headers":{"type":["list","string"],"description_kind":"plain","optional":true},"allowed_methods":{"type":["list","string"],"description_kind":"plain","required":true},"allowed_origins":{"type":["list","string"],"description_kind":"plain","required":true},"expose_headers":{"type":["list","string"],"description_kind":"plain","optional":true},"max_age_seconds":{"type":"number","description_kind":"plain","optional":true}},"description_kind":"plain"},"max_items":10},"lifecycle_rule":{"nesting_mode":"list","block":{"attributes":{"enabled":{"type":"bool","description_kind":"plain","required":true},"id":{"type":"string","description_kind":"plain","optional":true,"computed":true},"prefix":{"type":"string","description_kind":"plain","optional":true}},"block_types":{"abort_multipart_upload":{"nesting_mode":"set","block":{"attributes":{"created_before_date":{"type":"string","description_kind":"plain","optional":true},"days":{"type":"number","description_kind":"plain","optional":true}},"description_kind":"plain"}},"expiration":{"nesting_mode":"set","block":{"attributes":{"created_before_date":{"type":"string","description_kind":"plain","optional":true},"date":{"type":"string","description_kind":"plain","optional":true},"days":{"type":"number","description_kind":"plain","optional":true},"expired_object_delete_marker":{"type":"bool","description_kind":"plain","optional":true}},"description_kind":"plain"}},"noncurrent_version_expiration":{"nesting_mode":"set","block":{"attributes":{"days":{"type":"number","description_kind":"plain","required":true}},"description_kind":"plain"}},"noncurrent_version_transition":{"nesting_mode":"set","block":{"attributes":{"days":{"type":"number","description_kind":"plain","required":true},"storage_class":{"type":"string","description_kind":"plain","required":true}},"description_kind":"plain"}},"transitions":{"nesting_mode":"set","block":{"attributes":{"created_before_date":{"type":"string","description_kind":"plain","optional":true},"days":{"type":"number","description_kind":"plain","optional":true},"storage_class":{"type":"string","description_kind":"plain","optional":true}},"description_kind":"plain"}}},"description_kind":"plain"},"max_items":1000},"logging":{"nesting_mode":"list","block":{"attributes":{"target_bucket":{"type":"string","description_kind":"plain","required":true},"target_prefix":{"type":"string","description_kind":"plain","optional":true}},"description_kind":"plain"},"max_items":1},"referer_config":{"nesting_mode":"list","block":{"attributes":{"allow_empty":{"type":"bool","description_kind":"plain","optional":true,"computed":true},"referers":{"type":["list","string"],"description_kind":"plain","required":true}},"description_kind":"plain"},"max_items":1},"server_side_encryption_rule":{"nesting_mode":"list","block":{"attributes":{"kms_master_key_id":{"type":"string","description_kind":"plain","optional":true},"sse_algorithm":{"type":"string","description_kind":"plain","required":true}},"description_kind":"plain"},"max_items":1},"transfer_acceleration":{"nesting_mode":"list","block":{"attributes":{"enabled":{"type":"bool","description_kind":"plain","required":true}},"description_kind":"plain"},"max_items":1},"versioning":{"nesting_mode":"list","block":{"attributes":{"status":{"type":"string","description_kind":"plain","required":true}},"description_kind":"plain"},"max_items":1},"website":{"nesting_mode":"list","block":{"attributes":{"error_document":{"type":"string","description_kind":"plain","optional":true},"index_document":{"type":"string","description_kind":"plain","required":true}},"description_kind":"plain"},"max_items":1}},"description_kind":"plain"}},"alicloud_oss_bucket_object":{"version":0,"block":{"attributes":{"acl":{"type":"string","description_kind":"plain","optional":true},"bucket":{"type":"string","description_kind":"plain","required":true},"cache_control":{"type":"string","description_kind":"plain","optional":true},"content":{"type":"string","description_kind":"plain","optional":true},"content_disposition":{"type":"string","description_kind":"plain","optional":true},"content_encoding":{"type":"string","description_kind":"plain","optional":true},"content_length":{"type":"string","description_kind":"plain","computed":true},"content_md5":{"type":"string","description_kind":"plain","optional":true},"content_type":{"type":"string","description_kind":"plain","optional":true,"computed":true},"etag":{"type":"string","description_kind":"plain","computed":true},"expires":{"type":"string","description_kind":"plain","optional":true},"id":{"type":"string","description_kind":"plain","optional":true,"computed":true},"key":{"type":"string","description_kind":"plain","required":true},"kms_key_id":{"type":"string","description_kind":"plain","optional":true},"server_side_encryption":{"type":"string","description_kind":"plain","optional":true},"source":{"type":"string","description_kind":"plain","optional":true},"version_id":{"type":"string","description_kind":"plain","computed":true}},"description_kind":"plain"}},"alicloud_ots_instance":{"version":0,"block":{"attributes":{"accessed_by":{"type":"string","description_kind":"plain","optional":true},"description":{"type":"string","description_kind":"plain","optional":true},"id":{"type":"string","description_kind":"plain","optional":true,"computed":true},"instance_type":{"type":"string","description_kind":"plain","optional":true},"name":{"type":"string","description_kind":"plain","required":true},"tags":{"type":["map","string"],"description_kind":"plain","optional":true}},"description_kind":"plain"}},"alicloud_ots_instance_attachment":{"version":0,"block":{"attributes":{"id":{"type":"string","description_kind":"plain","optional":true,"computed":true},"instance_name":{"type":"string","description_kind":"plain","required":true},"vpc_id":{"type":"string","description_kind":"plain","computed":true},"vpc_name":{"type":"string","description_kind":"plain","required":true},"vswitch_id":{"type":"string","description_kind":"plain","required":true}},"description_kind":"plain"}},"alicloud_ots_table":{"version":0,"block":{"attributes":{"deviation_cell_version_in_sec":{"type":"string","description_kind":"plain","optional":true},"id":{"type":"string","description_kind":"plain","optional":true,"computed":true},"instance_name":{"type":"string","description_kind":"plain","required":true},"max_version":{"type":"number","description_kind":"plain","required":true},"table_name":{"type":"string","description_kind":"plain","required":true},"time_to_live":{"type":"number","description_kind":"plain","required":true}},"block_types":{"primary_key":{"nesting_mode":"list","block":{"attributes":{"name":{"type":"string","description_kind":"plain","required":true},"type":{"type":"string","description_kind":"plain","required":true}},"description_kind":"plain"},"min_items":1,"max_items":4}},"description_kind":"plain"}},"alicloud_polardb_account":{"version":0,"block":{"attributes":{"account_description":{"type":"string","description_kind":"plain","optional":true},"account_name":{"type":"string","description_kind":"plain","required":true},"account_password":{"type":"string","description_kind":"plain","required":true,"sensitive":true},"account_type":{"type":"string","description_kind":"plain","optional":true},"db_cluster_id":{"type":"string","description_kind":"plain","required":true},"id":{"type":"string","description_kind":"plain","optional":true,"computed":true},"kms_encrypted_password":{"type":"string","description_kind":"plain","optional":true},"kms_encryption_context":{"type":["map","string"],"description_kind":"plain","optional":true}},"description_kind":"plain"}},"alicloud_polardb_account_privilege":{"version":0,"block":{"attributes":{"account_name":{"type":"string","description_kind":"plain","required":true},"account_privilege":{"type":"string","description_kind":"plain","optional":true},"db_cluster_id":{"type":"string","description_kind":"plain","required":true},"db_names":{"type":["set","string"],"description_kind":"plain","required":true},"id":{"type":"string","description_kind":"plain","optional":true,"computed":true}},"description_kind":"plain"}},"alicloud_polardb_backup_policy":{"version":0,"block":{"attributes":{"backup_retention_period":{"type":"string","description_kind":"plain","computed":true},"db_cluster_id":{"type":"string","description_kind":"plain","required":true},"id":{"type":"string","description_kind":"plain","optional":true,"computed":true},"preferred_backup_period":{"type":["set","string"],"description_kind":"plain","optional":true,"computed":true},"preferred_backup_time":{"type":"string","description_kind":"plain","optional":true}},"description_kind":"plain"}},"alicloud_polardb_cluster":{"version":0,"block":{"attributes":{"auto_renew_period":{"type":"number","description_kind":"plain","optional":true},"collector_status":{"type":"string","description_kind":"plain","optional":true,"computed":true},"connection_string":{"type":"string","description_kind":"plain","computed":true},"db_node_class":{"type":"string","description_kind":"plain","required":true},"db_node_count":{"type":"number","description_kind":"plain","optional":true},"db_type":{"type":"string","description_kind":"plain","required":true},"db_version":{"type":"string","description_kind":"plain","required":true},"description":{"type":"string","description_kind":"plain","optional":true},"encrypt_new_tables":{"type":"string","description_kind":"plain","optional":true},"id":{"type":"string","description_kind":"plain","optional":true,"computed":true},"maintain_time":{"type":"string","description_kind":"plain","optional":true,"computed":true},"modify_type":{"type":"string","description_kind":"plain","optional":true},"pay_type":{"type":"string","description_kind":"plain","optional":true},"period":{"type":"number","description_kind":"plain","optional":true},"renewal_status":{"type":"string","description_kind":"plain","optional":true},"resource_group_id":{"type":"string","description_kind":"plain","optional":true,"computed":true},"security_group_ids":{"type":["set","string"],"description_kind":"plain","optional":true,"computed":true},"security_ips":{"type":["set","string"],"description_kind":"plain","optional":true,"computed":true},"tags":{"type":["map","string"],"description_kind":"plain","optional":true},"tde_status":{"type":"string","description_kind":"plain","optional":true},"vswitch_id":{"type":"string","description_kind":"plain","optional":true,"computed":true},"zone_id":{"type":"string","description_kind":"plain","optional":true,"computed":true}},"block_types":{"db_cluster_ip_array":{"nesting_mode":"set","block":{"attributes":{"db_cluster_ip_array_name":{"type":"string","description_kind":"plain","optional":true},"modify_mode":{"type":"string","description_kind":"plain","optional":true},"security_ips":{"type":["set","string"],"description_kind":"plain","optional":true}},"description_kind":"plain"}},"parameters":{"nesting_mode":"set","block":{"attributes":{"name":{"type":"string","description_kind":"plain","required":true},"value":{"type":"string","description_kind":"plain","required":true}},"description_kind":"plain"}},"timeouts":{"nesting_mode":"single","block":{"attributes":{"create":{"type":"string","description_kind":"plain","optional":true},"delete":{"type":"string","description_kind":"plain","optional":true},"update":{"type":"string","description_kind":"plain","optional":true}},"description_kind":"plain"}}},"description_kind":"plain"}},"alicloud_polardb_database":{"version":0,"block":{"attributes":{"character_set_name":{"type":"string","description_kind":"plain","optional":true},"db_cluster_id":{"type":"string","description_kind":"plain","required":true},"db_description":{"type":"string","description_kind":"plain","optional":true},"db_name":{"type":"string","description_kind":"plain","required":true},"id":{"type":"string","description_kind":"plain","optional":true,"computed":true}},"description_kind":"plain"}},"alicloud_polardb_endpoint":{"version":0,"block":{"attributes":{"auto_add_new_nodes":{"type":"string","description_kind":"plain","optional":true,"computed":true},"db_cluster_id":{"type":"string","description_kind":"plain","required":true},"endpoint_config":{"type":["map","string"],"description_kind":"plain","optional":true,"computed":true},"endpoint_type":{"type":"string","description_kind":"plain","optional":true},"id":{"type":"string","description_kind":"plain","optional":true,"computed":true},"net_type":{"type":"string","description_kind":"plain","optional":true},"nodes":{"type":["set","string"],"description_kind":"plain","optional":true,"computed":true},"read_write_mode":{"type":"string","description_kind":"plain","optional":true,"computed":true},"ssl_connection_string":{"type":"string","description_kind":"plain","computed":true},"ssl_enabled":{"type":"string","description_kind":"plain","optional":true},"ssl_expire_time":{"type":"string","description_kind":"plain","computed":true}},"description_kind":"plain"}},"alicloud_polardb_endpoint_address":{"version":0,"block":{"attributes":{"connection_prefix":{"type":"string","description_kind":"plain","optional":true,"computed":true},"connection_string":{"type":"string","description_kind":"plain","computed":true},"db_cluster_id":{"type":"string","description_kind":"plain","required":true},"db_endpoint_id":{"type":"string","description_kind":"plain","required":true},"id":{"type":"string","description_kind":"plain","optional":true,"computed":true},"ip_address":{"type":"string","description_kind":"plain","computed":true},"net_type":{"type":"string","description_kind":"plain","optional":true},"port":{"type":"string","description_kind":"plain","computed":true}},"description_kind":"plain"}},"alicloud_privatelink_vpc_endpoint":{"version":0,"block":{"attributes":{"bandwidth":{"type":"number","description_kind":"plain","computed":true},"connection_status":{"type":"string","description_kind":"plain","computed":true},"dry_run":{"type":"bool","description_kind":"plain","optional":true},"endpoint_business_status":{"type":"string","description_kind":"plain","computed":true},"endpoint_description":{"type":"string","description_kind":"plain","optional":true},"endpoint_domain":{"type":"string","description_kind":"plain","computed":true},"id":{"type":"string","description_kind":"plain","optional":true,"computed":true},"security_group_ids":{"type":["set","string"],"description_kind":"plain","required":true},"service_id":{"type":"string","description_kind":"plain","optional":true},"service_name":{"type":"string","description_kind":"plain","optional":true,"computed":true},"status":{"type":"string","description_kind":"plain","computed":true},"vpc_endpoint_name":{"type":"string","description_kind":"plain","optional":true},"vpc_id":{"type":"string","description_kind":"plain","required":true}},"block_types":{"timeouts":{"nesting_mode":"single","block":{"attributes":{"create":{"type":"string","description_kind":"plain","optional":true},"delete":{"type":"string","description_kind":"plain","optional":true},"update":{"type":"string","description_kind":"plain","optional":true}},"description_kind":"plain"}}},"description_kind":"plain"}},"alicloud_privatelink_vpc_endpoint_connection":{"version":0,"block":{"attributes":{"bandwidth":{"type":"number","description_kind":"plain","optional":true,"computed":true},"dry_run":{"type":"bool","description_kind":"plain","optional":true},"endpoint_id":{"type":"string","description_kind":"plain","required":true},"id":{"type":"string","description_kind":"plain","optional":true,"computed":true},"service_id":{"type":"string","description_kind":"plain","required":true},"status":{"type":"string","description_kind":"plain","computed":true}},"block_types":{"timeouts":{"nesting_mode":"single","block":{"attributes":{"create":{"type":"string","description_kind":"plain","optional":true},"delete":{"type":"string","description_kind":"plain","optional":true},"update":{"type":"string","description_kind":"plain","optional":true}},"description_kind":"plain"}}},"description_kind":"plain"}},"alicloud_privatelink_vpc_endpoint_service":{"version":0,"block":{"attributes":{"auto_accept_connection":{"type":"bool","description_kind":"plain","optional":true},"connect_bandwidth":{"type":"number","description_kind":"plain","optional":true,"computed":true},"dry_run":{"type":"bool","description_kind":"plain","optional":true},"id":{"type":"string","description_kind":"plain","optional":true,"computed":true},"payer":{"type":"string","description_kind":"plain","optional":true},"service_business_status":{"type":"string","description_kind":"plain","computed":true},"service_description":{"type":"string","description_kind":"plain","optional":true},"service_domain":{"type":"string","description_kind":"plain","computed":true},"status":{"type":"string","description_kind":"plain","computed":true}},"block_types":{"timeouts":{"nesting_mode":"single","block":{"attributes":{"create":{"type":"string","description_kind":"plain","optional":true},"delete":{"type":"string","description_kind":"plain","optional":true},"update":{"type":"string","description_kind":"plain","optional":true}},"description_kind":"plain"}}},"description_kind":"plain"}},"alicloud_privatelink_vpc_endpoint_service_resource":{"version":0,"block":{"attributes":{"dry_run":{"type":"bool","description_kind":"plain","optional":true},"id":{"type":"string","description_kind":"plain","optional":true,"computed":true},"resource_id":{"type":"string","description_kind":"plain","required":true},"resource_type":{"type":"string","description_kind":"plain","required":true},"service_id":{"type":"string","description_kind":"plain","required":true}},"block_types":{"timeouts":{"nesting_mode":"single","block":{"attributes":{"create":{"type":"string","description_kind":"plain","optional":true}},"description_kind":"plain"}}},"description_kind":"plain"}},"alicloud_privatelink_vpc_endpoint_service_user":{"version":0,"block":{"attributes":{"dry_run":{"type":"bool","description_kind":"plain","optional":true},"id":{"type":"string","description_kind":"plain","optional":true,"computed":true},"service_id":{"type":"string","description_kind":"plain","required":true},"user_id":{"type":"string","description_kind":"plain","required":true}},"description_kind":"plain"}},"alicloud_privatelink_vpc_endpoint_zone":{"version":0,"block":{"attributes":{"dry_run":{"type":"bool","description_kind":"plain","optional":true},"endpoint_id":{"type":"string","description_kind":"plain","required":true},"id":{"type":"string","description_kind":"plain","optional":true,"computed":true},"status":{"type":"string","description_kind":"plain","computed":true},"vswitch_id":{"type":"string","description_kind":"plain","required":true},"zone_id":{"type":"string","description_kind":"plain","optional":true,"computed":true}},"block_types":{"timeouts":{"nesting_mode":"single","block":{"attributes":{"create":{"type":"string","description_kind":"plain","optional":true},"delete":{"type":"string","description_kind":"plain","optional":true}},"description_kind":"plain"}}},"description_kind":"plain"}},"alicloud_pvtz_zone":{"version":0,"block":{"attributes":{"creation_time":{"type":"string","description_kind":"plain","computed":true},"id":{"type":"string","description_kind":"plain","optional":true,"computed":true},"is_ptr":{"type":"bool","description_kind":"plain","computed":true},"lang":{"type":"string","description_kind":"plain","optional":true},"name":{"type":"string","description_kind":"plain","optional":true,"computed":true},"proxy_pattern":{"type":"string","description_kind":"plain","optional":true},"record_count":{"type":"number","description_kind":"plain","computed":true},"remark":{"type":"string","description_kind":"plain","optional":true},"resource_group_id":{"type":"string","description_kind":"plain","optional":true},"update_time":{"type":"string","description_kind":"plain","computed":true},"user_client_ip":{"type":"string","description_kind":"plain","optional":true},"zone_name":{"type":"string","description_kind":"plain","optional":true,"computed":true}},"block_types":{"timeouts":{"nesting_mode":"single","block":{"attributes":{"create":{"type":"string","description_kind":"plain","optional":true},"delete":{"type":"string","description_kind":"plain","optional":true},"update":{"type":"string","description_kind":"plain","optional":true}},"description_kind":"plain"}}},"description_kind":"plain"}},"alicloud_pvtz_zone_attachment":{"version":0,"block":{"attributes":{"id":{"type":"string","description_kind":"plain","optional":true,"computed":true},"lang":{"type":"string","description_kind":"plain","optional":true},"user_client_ip":{"type":"string","description_kind":"plain","optional":true},"vpc_ids":{"type":["set","string"],"description_kind":"plain","optional":true,"computed":true},"zone_id":{"type":"string","description_kind":"plain","required":true}},"block_types":{"timeouts":{"nesting_mode":"single","block":{"attributes":{"create":{"type":"string","description_kind":"plain","optional":true},"delete":{"type":"string","description_kind":"plain","optional":true},"update":{"type":"string","description_kind":"plain","optional":true}},"description_kind":"plain"}},"vpcs":{"nesting_mode":"set","block":{"attributes":{"region_id":{"type":"string","description_kind":"plain","optional":true,"computed":true},"vpc_id":{"type":"string","description_kind":"plain","required":true}},"description_kind":"plain"}}},"description_kind":"plain"}},"alicloud_pvtz_zone_record":{"version":0,"block":{"attributes":{"id":{"type":"string","description_kind":"plain","optional":true,"computed":true},"lang":{"type":"string","description_kind":"plain","optional":true},"priority":{"type":"number","description_kind":"plain","optional":true},"record_id":{"type":"string","description_kind":"plain","computed":true},"remark":{"type":"string","description_kind":"plain","optional":true},"resource_record":{"type":"string","description_kind":"plain","optional":true,"computed":true},"rr":{"type":"string","description_kind":"plain","optional":true,"computed":true},"status":{"type":"string","description_kind":"plain","optional":true},"ttl":{"type":"number","description_kind":"plain","optional":true},"type":{"type":"string","description_kind":"plain","required":true},"user_client_ip":{"type":"string","description_kind":"plain","optional":true},"value":{"type":"string","description_kind":"plain","required":true},"zone_id":{"type":"string","description_kind":"plain","required":true}},"block_types":{"timeouts":{"nesting_mode":"single","block":{"attributes":{"create":{"type":"string","description_kind":"plain","optional":true},"delete":{"type":"string","description_kind":"plain","optional":true},"update":{"type":"string","description_kind":"plain","optional":true}},"description_kind":"plain"}}},"description_kind":"plain"}},"alicloud_quotas_application_info":{"version":0,"block":{"attributes":{"approve_value":{"type":"string","description_kind":"plain","computed":true},"audit_mode":{"type":"string","description_kind":"plain","optional":true},"audit_reason":{"type":"string","description_kind":"plain","computed":true},"desire_value":{"type":"number","description_kind":"plain","required":true},"effective_time":{"type":"string","description_kind":"plain","computed":true},"expire_time":{"type":"string","description_kind":"plain","computed":true},"id":{"type":"string","description_kind":"plain","optional":true,"computed":true},"notice_type":{"type":"number","description_kind":"plain","optional":true},"product_code":{"type":"string","description_kind":"plain","required":true},"quota_action_code":{"type":"string","description_kind":"plain","required":true},"quota_category":{"type":"string","description_kind":"plain","optional":true},"quota_description":{"type":"string","description_kind":"plain","computed":true},"quota_name":{"type":"string","description_kind":"plain","computed":true},"quota_unit":{"type":"string","description_kind":"plain","computed":true},"reason":{"type":"string","description_kind":"plain","required":true},"status":{"type":"string","description_kind":"plain","computed":true}},"block_types":{"dimensions":{"nesting_mode":"set","block":{"attributes":{"key":{"type":"string","description_kind":"plain","optional":true},"value":{"type":"string","description_kind":"plain","optional":true}},"description_kind":"plain"}}},"description_kind":"plain"}},"alicloud_quotas_quota_alarm":{"version":0,"block":{"attributes":{"id":{"type":"string","description_kind":"plain","optional":true,"computed":true},"product_code":{"type":"string","description_kind":"plain","required":true},"quota_action_code":{"type":"string","description_kind":"plain","required":true},"quota_alarm_name":{"type":"string","description_kind":"plain","required":true},"threshold":{"type":"number","description_kind":"plain","optional":true},"threshold_percent":{"type":"number","description_kind":"plain","optional":true},"web_hook":{"type":"string","description_kind":"plain","optional":true}},"block_types":{"quota_dimensions":{"nesting_mode":"set","block":{"attributes":{"key":{"type":"string","description_kind":"plain","optional":true},"value":{"type":"string","description_kind":"plain","optional":true}},"description_kind":"plain"}}},"description_kind":"plain"}},"alicloud_quotas_quota_application":{"version":0,"block":{"attributes":{"approve_value":{"type":"string","description_kind":"plain","computed":true},"audit_mode":{"type":"string","description_kind":"plain","optional":true},"audit_reason":{"type":"string","description_kind":"plain","computed":true},"desire_value":{"type":"number","description_kind":"plain","required":true},"effective_time":{"type":"string","description_kind":"plain","computed":true},"expire_time":{"type":"string","description_kind":"plain","computed":true},"id":{"type":"string","description_kind":"plain","optional":true,"computed":true},"notice_type":{"type":"number","description_kind":"plain","optional":true},"product_code":{"type":"string","description_kind":"plain","required":true},"quota_action_code":{"type":"string","description_kind":"plain","required":true},"quota_category":{"type":"string","description_kind":"plain","optional":true},"quota_description":{"type":"string","description_kind":"plain","computed":true},"quota_name":{"type":"string","description_kind":"plain","computed":true},"quota_unit":{"type":"string","description_kind":"plain","computed":true},"reason":{"type":"string","description_kind":"plain","required":true},"status":{"type":"string","description_kind":"plain","computed":true}},"block_types":{"dimensions":{"nesting_mode":"set","block":{"attributes":{"key":{"type":"string","description_kind":"plain","optional":true},"value":{"type":"string","description_kind":"plain","optional":true}},"description_kind":"plain"}}},"description_kind":"plain"}},"alicloud_ram_access_key":{"version":0,"block":{"attributes":{"encrypted_secret":{"type":"string","description_kind":"plain","computed":true},"id":{"type":"string","description_kind":"plain","optional":true,"computed":true},"key_fingerprint":{"type":"string","description_kind":"plain","computed":true},"pgp_key":{"type":"string","description_kind":"plain","optional":true},"secret":{"type":"string","description_kind":"plain","computed":true,"sensitive":true},"secret_file":{"type":"string","description_kind":"plain","optional":true},"status":{"type":"string","description_kind":"plain","optional":true},"user_name":{"type":"string","description_kind":"plain","optional":true}},"description_kind":"plain"}},"alicloud_ram_account_alias":{"version":0,"block":{"attributes":{"account_alias":{"type":"string","description_kind":"plain","required":true},"id":{"type":"string","description_kind":"plain","optional":true,"computed":true}},"description_kind":"plain"}},"alicloud_ram_account_password_policy":{"version":0,"block":{"attributes":{"hard_expiry":{"type":"bool","description_kind":"plain","optional":true},"id":{"type":"string","description_kind":"plain","optional":true,"computed":true},"max_login_attempts":{"type":"number","description_kind":"plain","optional":true},"max_password_age":{"type":"number","description_kind":"plain","optional":true},"minimum_password_length":{"type":"number","description_kind":"plain","optional":true},"password_reuse_prevention":{"type":"number","description_kind":"plain","optional":true},"require_lowercase_characters":{"type":"bool","description_kind":"plain","optional":true},"require_numbers":{"type":"bool","description_kind":"plain","optional":true},"require_symbols":{"type":"bool","description_kind":"plain","optional":true},"require_uppercase_characters":{"type":"bool","description_kind":"plain","optional":true}},"description_kind":"plain"}},"alicloud_ram_alias":{"version":0,"block":{"attributes":{"account_alias":{"type":"string","description_kind":"plain","required":true},"id":{"type":"string","description_kind":"plain","optional":true,"computed":true}},"description_kind":"plain"}},"alicloud_ram_group":{"version":0,"block":{"attributes":{"comments":{"type":"string","description_kind":"plain","optional":true},"force":{"type":"bool","description_kind":"plain","optional":true},"id":{"type":"string","description_kind":"plain","optional":true,"computed":true},"name":{"type":"string","description_kind":"plain","required":true}},"description_kind":"plain"}},"alicloud_ram_group_membership":{"version":0,"block":{"attributes":{"group_name":{"type":"string","description_kind":"plain","required":true},"id":{"type":"string","description_kind":"plain","optional":true,"computed":true},"user_names":{"type":["set","string"],"description_kind":"plain","required":true}},"description_kind":"plain"}},"alicloud_ram_group_policy_attachment":{"version":0,"block":{"attributes":{"group_name":{"type":"string","description_kind":"plain","required":true},"id":{"type":"string","description_kind":"plain","optional":true,"computed":true},"policy_name":{"type":"string","description_kind":"plain","required":true},"policy_type":{"type":"string","description_kind":"plain","required":true}},"description_kind":"plain"}},"alicloud_ram_login_profile":{"version":0,"block":{"attributes":{"id":{"type":"string","description_kind":"plain","optional":true,"computed":true},"mfa_bind_required":{"type":"bool","description_kind":"plain","optional":true},"password":{"type":"string","description_kind":"plain","required":true,"sensitive":true},"password_reset_required":{"type":"bool","description_kind":"plain","optional":true},"user_name":{"type":"string","description_kind":"plain","required":true}},"description_kind":"plain"}},"alicloud_ram_policy":{"version":0,"block":{"attributes":{"attachment_count":{"type":"number","description_kind":"plain","computed":true},"default_version":{"type":"string","description_kind":"plain","computed":true},"description":{"type":"string","description_kind":"plain","optional":true},"document":{"type":"string","description_kind":"plain","optional":true,"computed":true},"force":{"type":"bool","description_kind":"plain","optional":true},"id":{"type":"string","description_kind":"plain","optional":true,"computed":true},"name":{"type":"string","description_kind":"plain","optional":true,"computed":true},"policy_document":{"type":"string","description_kind":"plain","optional":true,"computed":true},"policy_name":{"type":"string","description_kind":"plain","optional":true,"computed":true},"rotate_strategy":{"type":"string","description_kind":"plain","optional":true},"type":{"type":"string","description_kind":"plain","computed":true},"version":{"type":"string","description_kind":"plain","optional":true},"version_id":{"type":"string","description_kind":"plain","computed":true}},"block_types":{"statement":{"nesting_mode":"set","block":{"attributes":{"action":{"type":["list","string"],"description_kind":"plain","required":true},"effect":{"type":"string","description_kind":"plain","required":true},"resource":{"type":["list","string"],"description_kind":"plain","required":true}},"description_kind":"plain"}},"timeouts":{"nesting_mode":"single","block":{"attributes":{"delete":{"type":"string","description_kind":"plain","optional":true}},"description_kind":"plain"}}},"description_kind":"plain"}},"alicloud_ram_role":{"version":0,"block":{"attributes":{"arn":{"type":"string","description_kind":"plain","computed":true},"description":{"type":"string","description_kind":"plain","optional":true},"document":{"type":"string","description_kind":"plain","optional":true,"computed":true},"force":{"type":"bool","description_kind":"plain","optional":true},"id":{"type":"string","description_kind":"plain","optional":true,"computed":true},"max_session_duration":{"type":"number","description_kind":"plain","optional":true},"name":{"type":"string","description_kind":"plain","required":true},"ram_users":{"type":["set","string"],"description_kind":"plain","optional":true,"computed":true},"role_id":{"type":"string","description_kind":"plain","computed":true},"services":{"type":["set","string"],"description_kind":"plain","optional":true,"computed":true},"version":{"type":"string","description_kind":"plain","optional":true}},"description_kind":"plain"}},"alicloud_ram_role_attachment":{"version":0,"block":{"attributes":{"id":{"type":"string","description_kind":"plain","optional":true,"computed":true},"instance_ids":{"type":["set","string"],"description_kind":"plain","required":true},"role_name":{"type":"string","description_kind":"plain","required":true}},"description_kind":"plain"}},"alicloud_ram_role_policy_attachment":{"version":0,"block":{"attributes":{"id":{"type":"string","description_kind":"plain","optional":true,"computed":true},"policy_name":{"type":"string","description_kind":"plain","required":true},"policy_type":{"type":"string","description_kind":"plain","required":true},"role_name":{"type":"string","description_kind":"plain","required":true}},"description_kind":"plain"}},"alicloud_ram_saml_provider":{"version":0,"block":{"attributes":{"arn":{"type":"string","description_kind":"plain","computed":true},"description":{"type":"string","description_kind":"plain","optional":true},"encodedsaml_metadata_document":{"type":"string","description_kind":"plain","optional":true},"id":{"type":"string","description_kind":"plain","optional":true,"computed":true},"saml_provider_name":{"type":"string","description_kind":"plain","required":true},"update_date":{"type":"string","description_kind":"plain","computed":true}},"description_kind":"plain"}},"alicloud_ram_user":{"version":0,"block":{"attributes":{"comments":{"type":"string","description_kind":"plain","optional":true},"display_name":{"type":"string","description_kind":"plain","optional":true},"email":{"type":"string","description_kind":"plain","optional":true},"force":{"type":"bool","description_kind":"plain","optional":true},"id":{"type":"string","description_kind":"plain","optional":true,"computed":true},"mobile":{"type":"string","description_kind":"plain","optional":true},"name":{"type":"string","description_kind":"plain","required":true}},"description_kind":"plain"}},"alicloud_ram_user_policy_attachment":{"version":0,"block":{"attributes":{"id":{"type":"string","description_kind":"plain","optional":true,"computed":true},"policy_name":{"type":"string","description_kind":"plain","required":true},"policy_type":{"type":"string","description_kind":"plain","required":true},"user_name":{"type":"string","description_kind":"plain","required":true}},"description_kind":"plain"}},"alicloud_rds_account":{"version":0,"block":{"attributes":{"account_description":{"type":"string","description_kind":"plain","optional":true,"computed":true},"account_name":{"type":"string","description_kind":"plain","optional":true,"computed":true},"account_password":{"type":"string","description_kind":"plain","optional":true,"computed":true,"sensitive":true},"account_type":{"type":"string","description_kind":"plain","optional":true,"computed":true},"db_instance_id":{"type":"string","description_kind":"plain","optional":true,"computed":true},"description":{"type":"string","description_kind":"plain","optional":true,"computed":true},"id":{"type":"string","description_kind":"plain","optional":true,"computed":true},"instance_id":{"type":"string","description_kind":"plain","optional":true,"computed":true},"kms_encrypted_password":{"type":"string","description_kind":"plain","optional":true},"kms_encryption_context":{"type":["map","string"],"description_kind":"plain","optional":true},"name":{"type":"string","description_kind":"plain","optional":true,"computed":true},"password":{"type":"string","description_kind":"plain","optional":true,"computed":true,"sensitive":true},"status":{"type":"string","description_kind":"plain","computed":true},"type":{"type":"string","description_kind":"plain","optional":true,"computed":true}},"block_types":{"timeouts":{"nesting_mode":"single","block":{"attributes":{"create":{"type":"string","description_kind":"plain","optional":true},"delete":{"type":"string","description_kind":"plain","optional":true},"update":{"type":"string","description_kind":"plain","optional":true}},"description_kind":"plain"}}},"description_kind":"plain"}},"alicloud_rds_parameter_group":{"version":0,"block":{"attributes":{"engine":{"type":"string","description_kind":"plain","required":true},"engine_version":{"type":"string","description_kind":"plain","required":true},"id":{"type":"string","description_kind":"plain","optional":true,"computed":true},"parameter_group_desc":{"type":"string","description_kind":"plain","optional":true},"parameter_group_name":{"type":"string","description_kind":"plain","required":true}},"block_types":{"param_detail":{"nesting_mode":"set","block":{"attributes":{"param_name":{"type":"string","description_kind":"plain","required":true},"param_value":{"type":"string","description_kind":"plain","required":true}},"description_kind":"plain"},"min_items":1}},"description_kind":"plain"}},"alicloud_reserved_instance":{"version":0,"block":{"attributes":{"description":{"type":"string","description_kind":"plain","optional":true},"id":{"type":"string","description_kind":"plain","optional":true,"computed":true},"instance_amount":{"type":"number","description_kind":"plain","optional":true,"computed":true},"instance_type":{"type":"string","description_kind":"plain","required":true},"name":{"type":"string","description_kind":"plain","optional":true},"offering_type":{"type":"string","description_kind":"plain","optional":true},"period":{"type":"number","description_kind":"plain","optional":true},"period_unit":{"type":"string","description_kind":"plain","optional":true},"platform":{"type":"string","description_kind":"plain","optional":true,"computed":true},"resource_group_id":{"type":"string","description_kind":"plain","optional":true,"computed":true},"scope":{"type":"string","description_kind":"plain","optional":true},"zone_id":{"type":"string","description_kind":"plain","optional":true}},"description_kind":"plain"}},"alicloud_resource_manager_account":{"version":0,"block":{"attributes":{"account_name_prefix":{"type":"string","description_kind":"plain","optional":true},"display_name":{"type":"string","description_kind":"plain","required":true},"folder_id":{"type":"string","description_kind":"plain","optional":true,"computed":true},"id":{"type":"string","description_kind":"plain","optional":true,"computed":true},"join_method":{"type":"string","description_kind":"plain","computed":true},"join_time":{"type":"string","description_kind":"plain","computed":true},"modify_time":{"type":"string","description_kind":"plain","computed":true},"payer_account_id":{"type":"string","description_kind":"plain","optional":true},"resource_directory_id":{"type":"string","description_kind":"plain","computed":true},"status":{"type":"string","description_kind":"plain","computed":true},"type":{"type":"string","description_kind":"plain","computed":true}},"description_kind":"plain"}},"alicloud_resource_manager_control_policy":{"version":0,"block":{"attributes":{"control_policy_name":{"type":"string","description_kind":"plain","required":true},"description":{"type":"string","description_kind":"plain","optional":true},"effect_scope":{"type":"string","description_kind":"plain","required":true},"id":{"type":"string","description_kind":"plain","optional":true,"computed":true},"policy_document":{"type":"string","description_kind":"plain","required":true}},"description_kind":"plain"}},"alicloud_resource_manager_control_policy_attachment":{"version":0,"block":{"attributes":{"id":{"type":"string","description_kind":"plain","optional":true,"computed":true},"policy_id":{"type":"string","description_kind":"plain","required":true},"target_id":{"type":"string","description_kind":"plain","required":true}},"description_kind":"plain"}},"alicloud_resource_manager_folder":{"version":0,"block":{"attributes":{"folder_name":{"type":"string","description_kind":"plain","required":true},"id":{"type":"string","description_kind":"plain","optional":true,"computed":true},"parent_folder_id":{"type":"string","description_kind":"plain","optional":true,"computed":true}},"description_kind":"plain"}},"alicloud_resource_manager_handshake":{"version":0,"block":{"attributes":{"expire_time":{"type":"string","description_kind":"plain","computed":true},"id":{"type":"string","description_kind":"plain","optional":true,"computed":true},"master_account_id":{"type":"string","description_kind":"plain","computed":true},"master_account_name":{"type":"string","description_kind":"plain","computed":true},"modify_time":{"type":"string","description_kind":"plain","computed":true},"note":{"type":"string","description_kind":"plain","optional":true},"resource_directory_id":{"type":"string","description_kind":"plain","computed":true},"status":{"type":"string","description_kind":"plain","computed":true},"target_entity":{"type":"string","description_kind":"plain","required":true},"target_type":{"type":"string","description_kind":"plain","required":true}},"description_kind":"plain"}},"alicloud_resource_manager_policy":{"version":0,"block":{"attributes":{"default_version":{"type":"string","description_kind":"plain","optional":true,"computed":true},"description":{"type":"string","description_kind":"plain","optional":true},"id":{"type":"string","description_kind":"plain","optional":true,"computed":true},"policy_document":{"type":"string","description_kind":"plain","required":true},"policy_name":{"type":"string","description_kind":"plain","required":true},"policy_type":{"type":"string","description_kind":"plain","computed":true}},"description_kind":"plain"}},"alicloud_resource_manager_policy_attachment":{"version":0,"block":{"attributes":{"id":{"type":"string","description_kind":"plain","optional":true,"computed":true},"policy_name":{"type":"string","description_kind":"plain","required":true},"policy_type":{"type":"string","description_kind":"plain","required":true},"principal_name":{"type":"string","description_kind":"plain","required":true},"principal_type":{"type":"string","description_kind":"plain","required":true},"resource_group_id":{"type":"string","description_kind":"plain","required":true}},"description_kind":"plain"}},"alicloud_resource_manager_policy_version":{"version":0,"block":{"attributes":{"create_date":{"type":"string","description_kind":"plain","computed":true},"id":{"type":"string","description_kind":"plain","optional":true,"computed":true},"is_default_version":{"type":"bool","description_kind":"plain","optional":true},"policy_document":{"type":"string","description_kind":"plain","required":true},"policy_name":{"type":"string","description_kind":"plain","required":true},"version_id":{"type":"string","description_kind":"plain","computed":true}},"description_kind":"plain"}},"alicloud_resource_manager_resource_directory":{"version":0,"block":{"attributes":{"id":{"type":"string","description_kind":"plain","optional":true,"computed":true},"master_account_id":{"type":"string","description_kind":"plain","computed":true},"master_account_name":{"type":"string","description_kind":"plain","computed":true},"root_folder_id":{"type":"string","description_kind":"plain","computed":true},"status":{"type":"string","description_kind":"plain","optional":true,"computed":true}},"block_types":{"timeouts":{"nesting_mode":"single","block":{"attributes":{"update":{"type":"string","description_kind":"plain","optional":true}},"description_kind":"plain"}}},"description_kind":"plain"}},"alicloud_resource_manager_resource_group":{"version":0,"block":{"attributes":{"account_id":{"type":"string","description_kind":"plain","computed":true},"create_date":{"type":"string","description_kind":"plain","computed":true},"display_name":{"type":"string","description_kind":"plain","required":true},"id":{"type":"string","description_kind":"plain","optional":true,"computed":true},"name":{"type":"string","description_kind":"plain","optional":true,"computed":true},"region_statuses":{"type":["list",["object",{"region_id":"string","status":"string"}]],"description_kind":"plain","computed":true},"resource_group_name":{"type":"string","description_kind":"plain","optional":true,"computed":true},"status":{"type":"string","description_kind":"plain","computed":true}},"block_types":{"timeouts":{"nesting_mode":"single","block":{"attributes":{"create":{"type":"string","description_kind":"plain","optional":true}},"description_kind":"plain"}}},"description_kind":"plain"}},"alicloud_resource_manager_resource_share":{"version":0,"block":{"attributes":{"id":{"type":"string","description_kind":"plain","optional":true,"computed":true},"resource_share_name":{"type":"string","description_kind":"plain","required":true},"resource_share_owner":{"type":"string","description_kind":"plain","computed":true},"status":{"type":"string","description_kind":"plain","computed":true}},"block_types":{"timeouts":{"nesting_mode":"single","block":{"attributes":{"delete":{"type":"string","description_kind":"plain","optional":true}},"description_kind":"plain"}}},"description_kind":"plain"}},"alicloud_resource_manager_role":{"version":0,"block":{"attributes":{"arn":{"type":"string","description_kind":"plain","computed":true},"assume_role_policy_document":{"type":"string","description_kind":"plain","required":true},"create_date":{"type":"string","description_kind":"plain","computed":true},"description":{"type":"string","description_kind":"plain","optional":true},"id":{"type":"string","description_kind":"plain","optional":true,"computed":true},"max_session_duration":{"type":"number","description_kind":"plain","optional":true},"role_id":{"type":"string","description_kind":"plain","computed":true},"role_name":{"type":"string","description_kind":"plain","required":true},"update_date":{"type":"string","description_kind":"plain","computed":true}},"description_kind":"plain"}},"alicloud_resource_manager_shared_resource":{"version":0,"block":{"attributes":{"id":{"type":"string","description_kind":"plain","optional":true,"computed":true},"resource_id":{"type":"string","description_kind":"plain","required":true},"resource_share_id":{"type":"string","description_kind":"plain","required":true},"resource_type":{"type":"string","description_kind":"plain","required":true},"status":{"type":"string","description_kind":"plain","computed":true}},"block_types":{"timeouts":{"nesting_mode":"single","block":{"attributes":{"create":{"type":"string","description_kind":"plain","optional":true},"delete":{"type":"string","description_kind":"plain","optional":true}},"description_kind":"plain"}}},"description_kind":"plain"}},"alicloud_resource_manager_shared_target":{"version":0,"block":{"attributes":{"id":{"type":"string","description_kind":"plain","optional":true,"computed":true},"resource_share_id":{"type":"string","description_kind":"plain","required":true},"status":{"type":"string","description_kind":"plain","computed":true},"target_id":{"type":"string","description_kind":"plain","required":true}},"block_types":{"timeouts":{"nesting_mode":"single","block":{"attributes":{"create":{"type":"string","description_kind":"plain","optional":true},"delete":{"type":"string","description_kind":"plain","optional":true}},"description_kind":"plain"}}},"description_kind":"plain"}},"alicloud_ros_change_set":{"version":0,"block":{"attributes":{"change_set_name":{"type":"string","description_kind":"plain","required":true},"change_set_type":{"type":"string","description_kind":"plain","optional":true},"description":{"type":"string","description_kind":"plain","optional":true},"disable_rollback":{"type":"bool","description_kind":"plain","optional":true},"id":{"type":"string","description_kind":"plain","optional":true,"computed":true},"notification_urls":{"type":["set","string"],"description_kind":"plain","optional":true},"ram_role_name":{"type":"string","description_kind":"plain","optional":true},"replacement_option":{"type":"string","description_kind":"plain","optional":true},"stack_id":{"type":"string","description_kind":"plain","optional":true,"computed":true},"stack_name":{"type":"string","description_kind":"plain","optional":true},"stack_policy_body":{"type":"string","description_kind":"plain","optional":true},"stack_policy_during_update_body":{"type":"string","description_kind":"plain","optional":true},"stack_policy_during_update_url":{"type":"string","description_kind":"plain","optional":true},"stack_policy_url":{"type":"string","description_kind":"plain","optional":true},"status":{"type":"string","description_kind":"plain","computed":true},"template_body":{"type":"string","description_kind":"plain","optional":true},"template_url":{"type":"string","description_kind":"plain","optional":true},"timeout_in_minutes":{"type":"number","description_kind":"plain","optional":true,"computed":true},"use_previous_parameters":{"type":"bool","description_kind":"plain","optional":true}},"block_types":{"parameters":{"nesting_mode":"set","block":{"attributes":{"parameter_key":{"type":"string","description_kind":"plain","required":true},"parameter_value":{"type":"string","description_kind":"plain","required":true}},"description_kind":"plain"}},"timeouts":{"nesting_mode":"single","block":{"attributes":{"create":{"type":"string","description_kind":"plain","optional":true}},"description_kind":"plain"}}},"description_kind":"plain"}},"alicloud_ros_stack":{"version":0,"block":{"attributes":{"create_option":{"type":"string","description_kind":"plain","optional":true},"deletion_protection":{"type":"string","description_kind":"plain","optional":true},"disable_rollback":{"type":"bool","description_kind":"plain","optional":true},"id":{"type":"string","description_kind":"plain","optional":true,"computed":true},"notification_urls":{"type":["set","string"],"description_kind":"plain","optional":true},"ram_role_name":{"type":"string","description_kind":"plain","optional":true},"replacement_option":{"type":"string","description_kind":"plain","optional":true},"retain_all_resources":{"type":"bool","description_kind":"plain","optional":true},"retain_resources":{"type":["set","string"],"description_kind":"plain","optional":true},"stack_name":{"type":"string","description_kind":"plain","required":true},"stack_policy_body":{"type":"string","description_kind":"plain","optional":true},"stack_policy_during_update_body":{"type":"string","description_kind":"plain","optional":true},"stack_policy_during_update_url":{"type":"string","description_kind":"plain","optional":true},"stack_policy_url":{"type":"string","description_kind":"plain","optional":true},"status":{"type":"string","description_kind":"plain","computed":true},"tags":{"type":["map","string"],"description_kind":"plain","optional":true},"template_body":{"type":"string","description_kind":"plain","optional":true},"template_url":{"type":"string","description_kind":"plain","optional":true},"template_version":{"type":"string","description_kind":"plain","optional":true},"timeout_in_minutes":{"type":"number","description_kind":"plain","optional":true},"use_previous_parameters":{"type":"bool","description_kind":"plain","optional":true}},"block_types":{"parameters":{"nesting_mode":"set","block":{"attributes":{"parameter_key":{"type":"string","description_kind":"plain","optional":true},"parameter_value":{"type":"string","description_kind":"plain","required":true}},"description_kind":"plain"}},"timeouts":{"nesting_mode":"single","block":{"attributes":{"create":{"type":"string","description_kind":"plain","optional":true},"delete":{"type":"string","description_kind":"plain","optional":true},"update":{"type":"string","description_kind":"plain","optional":true}},"description_kind":"plain"}}},"description_kind":"plain"}},"alicloud_ros_stack_group":{"version":0,"block":{"attributes":{"account_ids":{"type":"string","description_kind":"plain","optional":true},"administration_role_name":{"type":"string","description_kind":"plain","optional":true,"computed":true},"description":{"type":"string","description_kind":"plain","optional":true},"execution_role_name":{"type":"string","description_kind":"plain","optional":true,"computed":true},"id":{"type":"string","description_kind":"plain","optional":true,"computed":true},"operation_description":{"type":"string","description_kind":"plain","optional":true},"operation_preferences":{"type":"string","description_kind":"plain","optional":true},"region_ids":{"type":"string","description_kind":"plain","optional":true},"stack_group_id":{"type":"string","description_kind":"plain","computed":true},"stack_group_name":{"type":"string","description_kind":"plain","required":true},"status":{"type":"string","description_kind":"plain","computed":true},"template_body":{"type":"string","description_kind":"plain","optional":true},"template_url":{"type":"string","description_kind":"plain","optional":true},"template_version":{"type":"string","description_kind":"plain","optional":true}},"block_types":{"parameters":{"nesting_mode":"set","block":{"attributes":{"parameter_key":{"type":"string","description_kind":"plain","optional":true},"parameter_value":{"type":"string","description_kind":"plain","optional":true}},"description_kind":"plain"}},"timeouts":{"nesting_mode":"single","block":{"attributes":{"create":{"type":"string","description_kind":"plain","optional":true},"update":{"type":"string","description_kind":"plain","optional":true}},"description_kind":"plain"}}},"description_kind":"plain"}},"alicloud_ros_template":{"version":0,"block":{"attributes":{"description":{"type":"string","description_kind":"plain","optional":true},"id":{"type":"string","description_kind":"plain","optional":true,"computed":true},"tags":{"type":["map","string"],"description_kind":"plain","optional":true},"template_body":{"type":"string","description_kind":"plain","optional":true},"template_name":{"type":"string","description_kind":"plain","required":true},"template_url":{"type":"string","description_kind":"plain","optional":true}},"description_kind":"plain"}},"alicloud_route_entry":{"version":0,"block":{"attributes":{"destination_cidrblock":{"type":"string","description_kind":"plain","optional":true},"id":{"type":"string","description_kind":"plain","optional":true,"computed":true},"name":{"type":"string","description_kind":"plain","optional":true},"nexthop_id":{"type":"string","description_kind":"plain","optional":true},"nexthop_type":{"type":"string","description_kind":"plain","optional":true},"route_table_id":{"type":"string","description_kind":"plain","required":true},"router_id":{"type":"string","description_kind":"plain","optional":true,"computed":true}},"description_kind":"plain"}},"alicloud_route_table":{"version":0,"block":{"attributes":{"description":{"type":"string","description_kind":"plain","optional":true},"id":{"type":"string","description_kind":"plain","optional":true,"computed":true},"name":{"type":"string","description_kind":"plain","optional":true,"computed":true},"route_table_name":{"type":"string","description_kind":"plain","optional":true,"computed":true},"status":{"type":"string","description_kind":"plain","computed":true},"tags":{"type":["map","string"],"description_kind":"plain","optional":true},"vpc_id":{"type":"string","description_kind":"plain","required":true}},"block_types":{"timeouts":{"nesting_mode":"single","block":{"attributes":{"create":{"type":"string","description_kind":"plain","optional":true}},"description_kind":"plain"}}},"description_kind":"plain"}},"alicloud_route_table_attachment":{"version":0,"block":{"attributes":{"id":{"type":"string","description_kind":"plain","optional":true,"computed":true},"route_table_id":{"type":"string","description_kind":"plain","required":true},"vswitch_id":{"type":"string","description_kind":"plain","required":true}},"description_kind":"plain"}},"alicloud_router_interface":{"version":0,"block":{"attributes":{"access_point_id":{"type":"string","description_kind":"plain","computed":true},"description":{"type":"string","description_kind":"plain","optional":true},"health_check_source_ip":{"type":"string","description_kind":"plain","optional":true},"health_check_target_ip":{"type":"string","description_kind":"plain","optional":true},"id":{"type":"string","description_kind":"plain","optional":true,"computed":true},"instance_charge_type":{"type":"string","description_kind":"plain","optional":true},"name":{"type":"string","description_kind":"plain","optional":true},"opposite_access_point_id":{"type":"string","description_kind":"plain","optional":true},"opposite_interface_id":{"type":"string","description_kind":"plain","computed":true},"opposite_interface_owner_id":{"type":"string","description_kind":"plain","computed":true},"opposite_region":{"type":"string","description_kind":"plain","required":true},"opposite_router_id":{"type":"string","description_kind":"plain","computed":true},"opposite_router_type":{"type":"string","description_kind":"plain","computed":true},"period":{"type":"number","description_kind":"plain","optional":true},"role":{"type":"string","description_kind":"plain","required":true},"router_id":{"type":"string","description_kind":"plain","required":true},"router_type":{"type":"string","description_kind":"plain","required":true},"specification":{"type":"string","description_kind":"plain","optional":true}},"description_kind":"plain"}},"alicloud_router_interface_connection":{"version":0,"block":{"attributes":{"id":{"type":"string","description_kind":"plain","optional":true,"computed":true},"interface_id":{"type":"string","description_kind":"plain","required":true},"opposite_interface_id":{"type":"string","description_kind":"plain","required":true},"opposite_interface_owner_id":{"type":"string","description_kind":"plain","optional":true,"computed":true},"opposite_router_id":{"type":"string","description_kind":"plain","optional":true,"computed":true},"opposite_router_type":{"type":"string","description_kind":"plain","optional":true}},"description_kind":"plain"}},"alicloud_sae_config_map":{"version":0,"block":{"attributes":{"data":{"type":"string","description_kind":"plain","required":true},"description":{"type":"string","description_kind":"plain","optional":true},"id":{"type":"string","description_kind":"plain","optional":true,"computed":true},"name":{"type":"string","description_kind":"plain","required":true},"namespace_id":{"type":"string","description_kind":"plain","required":true}},"description_kind":"plain"}},"alicloud_sae_namespace":{"version":0,"block":{"attributes":{"id":{"type":"string","description_kind":"plain","optional":true,"computed":true},"namespace_description":{"type":"string","description_kind":"plain","optional":true},"namespace_id":{"type":"string","description_kind":"plain","required":true},"namespace_name":{"type":"string","description_kind":"plain","required":true}},"block_types":{"timeouts":{"nesting_mode":"single","block":{"attributes":{"delete":{"type":"string","description_kind":"plain","optional":true}},"description_kind":"plain"}}},"description_kind":"plain"}},"alicloud_sag_acl":{"version":0,"block":{"attributes":{"id":{"type":"string","description_kind":"plain","optional":true,"computed":true},"name":{"type":"string","description_kind":"plain","required":true}},"description_kind":"plain"}},"alicloud_sag_acl_rule":{"version":0,"block":{"attributes":{"acl_id":{"type":"string","description_kind":"plain","required":true},"description":{"type":"string","description_kind":"plain","optional":true},"dest_cidr":{"type":"string","description_kind":"plain","required":true},"dest_port_range":{"type":"string","description_kind":"plain","required":true},"direction":{"type":"string","description_kind":"plain","required":true},"id":{"type":"string","description_kind":"plain","optional":true,"computed":true},"ip_protocol":{"type":"string","description_kind":"plain","required":true},"policy":{"type":"string","description_kind":"plain","required":true},"priority":{"type":"number","description_kind":"plain","optional":true},"source_cidr":{"type":"string","description_kind":"plain","required":true},"source_port_range":{"type":"string","description_kind":"plain","required":true}},"description_kind":"plain"}},"alicloud_sag_client_user":{"version":0,"block":{"attributes":{"bandwidth":{"type":"number","description_kind":"plain","required":true},"client_ip":{"type":"string","description_kind":"plain","optional":true},"id":{"type":"string","description_kind":"plain","optional":true,"computed":true},"kms_encrypted_password":{"type":"string","description_kind":"plain","optional":true},"kms_encryption_context":{"type":["map","string"],"description_kind":"plain","optional":true},"password":{"type":"string","description_kind":"plain","optional":true,"computed":true},"sag_id":{"type":"string","description_kind":"plain","required":true},"user_mail":{"type":"string","description_kind":"plain","required":true},"user_name":{"type":"string","description_kind":"plain","optional":true,"computed":true}},"description_kind":"plain"}},"alicloud_sag_dnat_entry":{"version":0,"block":{"attributes":{"external_ip":{"type":"string","description_kind":"plain","optional":true},"external_port":{"type":"string","description_kind":"plain","required":true},"id":{"type":"string","description_kind":"plain","optional":true,"computed":true},"internal_ip":{"type":"string","description_kind":"plain","required":true},"internal_port":{"type":"string","description_kind":"plain","required":true},"ip_protocol":{"type":"string","description_kind":"plain","required":true},"sag_id":{"type":"string","description_kind":"plain","required":true},"type":{"type":"string","description_kind":"plain","required":true}},"description_kind":"plain"}},"alicloud_sag_qos":{"version":0,"block":{"attributes":{"id":{"type":"string","description_kind":"plain","optional":true,"computed":true},"name":{"type":"string","description_kind":"plain","required":true}},"description_kind":"plain"}},"alicloud_sag_qos_car":{"version":0,"block":{"attributes":{"description":{"type":"string","description_kind":"plain","optional":true},"id":{"type":"string","description_kind":"plain","optional":true,"computed":true},"limit_type":{"type":"string","description_kind":"plain","required":true},"max_bandwidth_abs":{"type":"number","description_kind":"plain","optional":true},"max_bandwidth_percent":{"type":"number","description_kind":"plain","optional":true},"min_bandwidth_abs":{"type":"number","description_kind":"plain","optional":true},"min_bandwidth_percent":{"type":"number","description_kind":"plain","optional":true},"name":{"type":"string","description_kind":"plain","optional":true},"percent_source_type":{"type":"string","description_kind":"plain","optional":true},"priority":{"type":"number","description_kind":"plain","required":true},"qos_id":{"type":"string","description_kind":"plain","required":true}},"description_kind":"plain"}},"alicloud_sag_qos_policy":{"version":0,"block":{"attributes":{"description":{"type":"string","description_kind":"plain","optional":true},"dest_cidr":{"type":"string","description_kind":"plain","required":true},"dest_port_range":{"type":"string","description_kind":"plain","required":true},"end_time":{"type":"string","description_kind":"plain","optional":true},"id":{"type":"string","description_kind":"plain","optional":true,"computed":true},"ip_protocol":{"type":"string","description_kind":"plain","required":true},"name":{"type":"string","description_kind":"plain","optional":true},"priority":{"type":"number","description_kind":"plain","required":true},"qos_id":{"type":"string","description_kind":"plain","required":true},"source_cidr":{"type":"string","description_kind":"plain","required":true},"source_port_range":{"type":"string","description_kind":"plain","required":true},"start_time":{"type":"string","description_kind":"plain","optional":true}},"description_kind":"plain"}},"alicloud_sag_snat_entry":{"version":0,"block":{"attributes":{"cidr_block":{"type":"string","description_kind":"plain","required":true},"id":{"type":"string","description_kind":"plain","optional":true,"computed":true},"sag_id":{"type":"string","description_kind":"plain","required":true},"snat_ip":{"type":"string","description_kind":"plain","required":true}},"description_kind":"plain"}},"alicloud_security_group":{"version":0,"block":{"attributes":{"description":{"type":"string","description_kind":"plain","optional":true},"id":{"type":"string","description_kind":"plain","optional":true,"computed":true},"inner_access":{"type":"bool","description_kind":"plain","optional":true,"computed":true},"inner_access_policy":{"type":"string","description_kind":"plain","optional":true,"computed":true},"name":{"type":"string","description_kind":"plain","optional":true},"resource_group_id":{"type":"string","description_kind":"plain","optional":true},"security_group_type":{"type":"string","description_kind":"plain","optional":true},"tags":{"type":["map","string"],"description_kind":"plain","optional":true},"vpc_id":{"type":"string","description_kind":"plain","optional":true}},"description_kind":"plain"}},"alicloud_security_group_rule":{"version":0,"block":{"attributes":{"cidr_ip":{"type":"string","description_kind":"plain","optional":true},"description":{"type":"string","description_kind":"plain","optional":true},"id":{"type":"string","description_kind":"plain","optional":true,"computed":true},"ip_protocol":{"type":"string","description_kind":"plain","required":true},"nic_type":{"type":"string","description_kind":"plain","optional":true,"computed":true},"policy":{"type":"string","description_kind":"plain","optional":true},"port_range":{"type":"string","description_kind":"plain","optional":true},"priority":{"type":"number","description_kind":"plain","optional":true},"security_group_id":{"type":"string","description_kind":"plain","required":true},"source_group_owner_account":{"type":"string","description_kind":"plain","optional":true},"source_security_group_id":{"type":"string","description_kind":"plain","optional":true},"type":{"type":"string","description":"Type of rule, ingress (inbound) or egress (outbound).","description_kind":"plain","required":true}},"description_kind":"plain"}},"alicloud_slb":{"version":0,"block":{"attributes":{"address":{"type":"string","description_kind":"plain","optional":true,"computed":true},"address_ip_version":{"type":"string","description_kind":"plain","optional":true},"address_type":{"type":"string","description_kind":"plain","optional":true,"computed":true},"bandwidth":{"type":"number","description_kind":"plain","optional":true},"delete_protection":{"type":"string","description_kind":"plain","optional":true},"id":{"type":"string","description_kind":"plain","optional":true,"computed":true},"instance_charge_type":{"type":"string","description_kind":"plain","optional":true,"computed":true},"internet":{"type":"bool","description_kind":"plain","optional":true,"computed":true},"internet_charge_type":{"type":"string","description_kind":"plain","optional":true},"load_balancer_name":{"type":"string","description_kind":"plain","optional":true,"computed":true},"load_balancer_spec":{"type":"string","description_kind":"plain","optional":true,"computed":true},"master_zone_id":{"type":"string","description_kind":"plain","optional":true,"computed":true},"modification_protection_reason":{"type":"string","description_kind":"plain","optional":true},"modification_protection_status":{"type":"string","description_kind":"plain","optional":true,"computed":true},"name":{"type":"string","description_kind":"plain","optional":true,"computed":true},"payment_type":{"type":"string","description_kind":"plain","optional":true,"computed":true},"period":{"type":"number","description_kind":"plain","optional":true},"resource_group_id":{"type":"string","description_kind":"plain","optional":true,"computed":true},"slave_zone_id":{"type":"string","description_kind":"plain","optional":true,"computed":true},"specification":{"type":"string","description_kind":"plain","optional":true,"computed":true},"status":{"type":"string","description_kind":"plain","optional":true,"computed":true},"tags":{"type":["map","string"],"description_kind":"plain","optional":true},"vswitch_id":{"type":"string","description_kind":"plain","optional":true}},"block_types":{"timeouts":{"nesting_mode":"single","block":{"attributes":{"create":{"type":"string","description_kind":"plain","optional":true},"delete":{"type":"string","description_kind":"plain","optional":true}},"description_kind":"plain"}}},"description_kind":"plain"}},"alicloud_slb_acl":{"version":0,"block":{"attributes":{"id":{"type":"string","description_kind":"plain","optional":true,"computed":true},"ip_version":{"type":"string","description_kind":"plain","optional":true},"name":{"type":"string","description_kind":"plain","required":true},"resource_group_id":{"type":"string","description_kind":"plain","optional":true,"computed":true},"tags":{"type":["map","string"],"description_kind":"plain","optional":true}},"block_types":{"entry_list":{"nesting_mode":"set","block":{"attributes":{"comment":{"type":"string","description_kind":"plain","optional":true},"entry":{"type":"string","description_kind":"plain","required":true}},"description_kind":"plain"},"max_items":300}},"description_kind":"plain"}},"alicloud_slb_attachment":{"version":0,"block":{"attributes":{"backend_servers":{"type":"string","description_kind":"plain","optional":true,"computed":true},"delete_protection_validation":{"type":"bool","description_kind":"plain","optional":true},"id":{"type":"string","description_kind":"plain","optional":true,"computed":true},"instance_ids":{"type":["set","string"],"description_kind":"plain","required":true},"load_balancer_id":{"type":"string","description_kind":"plain","required":true},"server_type":{"type":"string","description_kind":"plain","optional":true},"weight":{"type":"number","description_kind":"plain","optional":true}},"description_kind":"plain"}},"alicloud_slb_backend_server":{"version":0,"block":{"attributes":{"delete_protection_validation":{"type":"bool","description_kind":"plain","optional":true},"id":{"type":"string","description_kind":"plain","optional":true,"computed":true},"load_balancer_id":{"type":"string","description_kind":"plain","required":true}},"block_types":{"backend_servers":{"nesting_mode":"set","block":{"attributes":{"server_id":{"type":"string","description_kind":"plain","required":true},"server_ip":{"type":"string","description_kind":"plain","optional":true},"type":{"type":"string","description_kind":"plain","optional":true},"weight":{"type":"number","description_kind":"plain","required":true}},"description_kind":"plain"}}},"description_kind":"plain"}},"alicloud_slb_ca_certificate":{"version":0,"block":{"attributes":{"ca_certificate":{"type":"string","description_kind":"plain","required":true},"ca_certificate_name":{"type":"string","description_kind":"plain","optional":true,"computed":true},"id":{"type":"string","description_kind":"plain","optional":true,"computed":true},"name":{"type":"string","description_kind":"plain","optional":true,"computed":true},"resource_group_id":{"type":"string","description_kind":"plain","optional":true,"computed":true},"tags":{"type":["map","string"],"description_kind":"plain","optional":true}},"block_types":{"timeouts":{"nesting_mode":"single","block":{"attributes":{"delete":{"type":"string","description_kind":"plain","optional":true}},"description_kind":"plain"}}},"description_kind":"plain"}},"alicloud_slb_domain_extension":{"version":0,"block":{"attributes":{"delete_protection_validation":{"type":"bool","description_kind":"plain","optional":true},"domain":{"type":"string","description_kind":"plain","required":true},"frontend_port":{"type":"number","description_kind":"plain","required":true},"id":{"type":"string","description_kind":"plain","optional":true,"computed":true},"load_balancer_id":{"type":"string","description_kind":"plain","required":true},"server_certificate_id":{"type":"string","description_kind":"plain","required":true}},"description_kind":"plain"}},"alicloud_slb_listener":{"version":0,"block":{"attributes":{"acl_id":{"type":"string","description_kind":"plain","optional":true},"acl_status":{"type":"string","description_kind":"plain","optional":true},"acl_type":{"type":"string","description_kind":"plain","optional":true},"backend_port":{"type":"number","description_kind":"plain","optional":true},"bandwidth":{"type":"number","description_kind":"plain","optional":true},"ca_certificate_id":{"type":"string","description_kind":"plain","optional":true},"cookie":{"type":"string","description_kind":"plain","optional":true},"cookie_timeout":{"type":"number","description_kind":"plain","optional":true},"delete_protection_validation":{"type":"bool","description_kind":"plain","optional":true},"description":{"type":"string","description_kind":"plain","optional":true},"enable_http2":{"type":"string","description_kind":"plain","optional":true},"established_timeout":{"type":"number","description_kind":"plain","optional":true},"forward_port":{"type":"number","description_kind":"plain","optional":true},"frontend_port":{"type":"number","description_kind":"plain","required":true},"gzip":{"type":"bool","description_kind":"plain","optional":true},"health_check":{"type":"string","description_kind":"plain","optional":true},"health_check_connect_port":{"type":"number","description_kind":"plain","optional":true,"computed":true},"health_check_domain":{"type":"string","description_kind":"plain","optional":true},"health_check_http_code":{"type":"string","description_kind":"plain","optional":true},"health_check_interval":{"type":"number","description_kind":"plain","optional":true},"health_check_method":{"type":"string","description_kind":"plain","optional":true,"computed":true},"health_check_timeout":{"type":"number","description_kind":"plain","optional":true},"health_check_type":{"type":"string","description_kind":"plain","optional":true},"health_check_uri":{"type":"string","description_kind":"plain","optional":true},"healthy_threshold":{"type":"number","description_kind":"plain","optional":true},"id":{"type":"string","description_kind":"plain","optional":true,"computed":true},"idle_timeout":{"type":"number","description_kind":"plain","optional":true},"instance_port":{"type":"number","description_kind":"plain","optional":true},"lb_port":{"type":"number","description_kind":"plain","optional":true},"lb_protocol":{"type":"string","description_kind":"plain","optional":true},"listener_forward":{"type":"string","description_kind":"plain","optional":true,"computed":true},"load_balancer_id":{"type":"string","description_kind":"plain","required":true},"master_slave_server_group_id":{"type":"string","description_kind":"plain","optional":true},"persistence_timeout":{"type":"number","description_kind":"plain","optional":true},"protocol":{"type":"string","description_kind":"plain","required":true},"request_timeout":{"type":"number","description_kind":"plain","optional":true},"scheduler":{"type":"string","description_kind":"plain","optional":true},"server_certificate_id":{"type":"string","description_kind":"plain","optional":true,"computed":true},"server_group_id":{"type":"string","description_kind":"plain","optional":true},"ssl_certificate_id":{"type":"string","description_kind":"plain","optional":true,"computed":true},"sticky_session":{"type":"string","description_kind":"plain","optional":true},"sticky_session_type":{"type":"string","description_kind":"plain","optional":true},"tls_cipher_policy":{"type":"string","description_kind":"plain","optional":true},"unhealthy_threshold":{"type":"number","description_kind":"plain","optional":true}},"block_types":{"x_forwarded_for":{"nesting_mode":"list","block":{"attributes":{"retrive_client_ip":{"type":"bool","description_kind":"plain","computed":true},"retrive_slb_id":{"type":"bool","description_kind":"plain","optional":true},"retrive_slb_ip":{"type":"bool","description_kind":"plain","optional":true},"retrive_slb_proto":{"type":"bool","description_kind":"plain","optional":true}},"description_kind":"plain"},"max_items":1}},"description_kind":"plain"}},"alicloud_slb_load_balancer":{"version":0,"block":{"attributes":{"address":{"type":"string","description_kind":"plain","optional":true,"computed":true},"address_ip_version":{"type":"string","description_kind":"plain","optional":true},"address_type":{"type":"string","description_kind":"plain","optional":true,"computed":true},"bandwidth":{"type":"number","description_kind":"plain","optional":true},"delete_protection":{"type":"string","description_kind":"plain","optional":true},"id":{"type":"string","description_kind":"plain","optional":true,"computed":true},"instance_charge_type":{"type":"string","description_kind":"plain","optional":true,"computed":true},"internet":{"type":"bool","description_kind":"plain","optional":true,"computed":true},"internet_charge_type":{"type":"string","description_kind":"plain","optional":true},"load_balancer_name":{"type":"string","description_kind":"plain","optional":true,"computed":true},"load_balancer_spec":{"type":"string","description_kind":"plain","optional":true,"computed":true},"master_zone_id":{"type":"string","description_kind":"plain","optional":true,"computed":true},"modification_protection_reason":{"type":"string","description_kind":"plain","optional":true},"modification_protection_status":{"type":"string","description_kind":"plain","optional":true,"computed":true},"name":{"type":"string","description_kind":"plain","optional":true,"computed":true},"payment_type":{"type":"string","description_kind":"plain","optional":true,"computed":true},"period":{"type":"number","description_kind":"plain","optional":true},"resource_group_id":{"type":"string","description_kind":"plain","optional":true,"computed":true},"slave_zone_id":{"type":"string","description_kind":"plain","optional":true,"computed":true},"specification":{"type":"string","description_kind":"plain","optional":true,"computed":true},"status":{"type":"string","description_kind":"plain","optional":true,"computed":true},"tags":{"type":["map","string"],"description_kind":"plain","optional":true},"vswitch_id":{"type":"string","description_kind":"plain","optional":true}},"block_types":{"timeouts":{"nesting_mode":"single","block":{"attributes":{"create":{"type":"string","description_kind":"plain","optional":true},"delete":{"type":"string","description_kind":"plain","optional":true}},"description_kind":"plain"}}},"description_kind":"plain"}},"alicloud_slb_master_slave_server_group":{"version":0,"block":{"attributes":{"delete_protection_validation":{"type":"bool","description_kind":"plain","optional":true},"id":{"type":"string","description_kind":"plain","optional":true,"computed":true},"load_balancer_id":{"type":"string","description_kind":"plain","required":true},"name":{"type":"string","description_kind":"plain","required":true}},"block_types":{"servers":{"nesting_mode":"set","block":{"attributes":{"is_backup":{"type":"number","description_kind":"plain","optional":true},"port":{"type":"number","description_kind":"plain","required":true},"server_id":{"type":"string","description_kind":"plain","required":true},"server_type":{"type":"string","description_kind":"plain","optional":true},"type":{"type":"string","description_kind":"plain","optional":true},"weight":{"type":"number","description_kind":"plain","optional":true}},"description_kind":"plain"},"max_items":2}},"description_kind":"plain"}},"alicloud_slb_rule":{"version":0,"block":{"attributes":{"cookie":{"type":"string","description_kind":"plain","optional":true},"cookie_timeout":{"type":"number","description_kind":"plain","optional":true},"delete_protection_validation":{"type":"bool","description_kind":"plain","optional":true},"domain":{"type":"string","description_kind":"plain","optional":true},"frontend_port":{"type":"number","description_kind":"plain","required":true},"health_check":{"type":"string","description_kind":"plain","optional":true},"health_check_connect_port":{"type":"number","description_kind":"plain","optional":true,"computed":true},"health_check_domain":{"type":"string","description_kind":"plain","optional":true},"health_check_http_code":{"type":"string","description_kind":"plain","optional":true},"health_check_interval":{"type":"number","description_kind":"plain","optional":true},"health_check_timeout":{"type":"number","description_kind":"plain","optional":true},"health_check_uri":{"type":"string","description_kind":"plain","optional":true},"healthy_threshold":{"type":"number","description_kind":"plain","optional":true},"id":{"type":"string","description_kind":"plain","optional":true,"computed":true},"listener_sync":{"type":"string","description_kind":"plain","optional":true},"load_balancer_id":{"type":"string","description_kind":"plain","required":true},"name":{"type":"string","description_kind":"plain","optional":true},"scheduler":{"type":"string","description_kind":"plain","optional":true},"server_group_id":{"type":"string","description_kind":"plain","required":true},"sticky_session":{"type":"string","description_kind":"plain","optional":true},"sticky_session_type":{"type":"string","description_kind":"plain","optional":true},"unhealthy_threshold":{"type":"number","description_kind":"plain","optional":true},"url":{"type":"string","description_kind":"plain","optional":true}},"description_kind":"plain"}},"alicloud_slb_server_certificate":{"version":0,"block":{"attributes":{"alicloud_certifacte_id":{"type":"string","description_kind":"plain","optional":true},"alicloud_certifacte_name":{"type":"string","description_kind":"plain","optional":true},"alicloud_certificate_id":{"type":"string","description_kind":"plain","optional":true},"alicloud_certificate_name":{"type":"string","description_kind":"plain","optional":true},"alicloud_certificate_region_id":{"type":"string","description_kind":"plain","optional":true},"id":{"type":"string","description_kind":"plain","optional":true,"computed":true},"name":{"type":"string","description_kind":"plain","optional":true},"private_key":{"type":"string","description_kind":"plain","optional":true},"resource_group_id":{"type":"string","description_kind":"plain","optional":true,"computed":true},"server_certificate":{"type":"string","description_kind":"plain","optional":true},"tags":{"type":["map","string"],"description_kind":"plain","optional":true}},"description_kind":"plain"}},"alicloud_slb_server_group":{"version":0,"block":{"attributes":{"delete_protection_validation":{"type":"bool","description_kind":"plain","optional":true},"id":{"type":"string","description_kind":"plain","optional":true,"computed":true},"load_balancer_id":{"type":"string","description_kind":"plain","required":true},"name":{"type":"string","description_kind":"plain","optional":true}},"block_types":{"servers":{"nesting_mode":"set","block":{"attributes":{"port":{"type":"number","description_kind":"plain","required":true},"server_ids":{"type":["list","string"],"description_kind":"plain","required":true},"type":{"type":"string","description_kind":"plain","optional":true},"weight":{"type":"number","description_kind":"plain","optional":true}},"description_kind":"plain"}}},"description_kind":"plain"}},"alicloud_snapshot":{"version":0,"block":{"attributes":{"category":{"type":"string","description_kind":"plain","optional":true},"description":{"type":"string","description_kind":"plain","optional":true},"disk_id":{"type":"string","description_kind":"plain","required":true},"force":{"type":"bool","description_kind":"plain","optional":true},"id":{"type":"string","description_kind":"plain","optional":true,"computed":true},"instant_access":{"type":"bool","description_kind":"plain","optional":true},"instant_access_retention_days":{"type":"number","description_kind":"plain","optional":true},"name":{"type":"string","description_kind":"plain","optional":true,"computed":true},"resource_group_id":{"type":"string","description_kind":"plain","optional":true},"retention_days":{"type":"number","description_kind":"plain","optional":true},"snapshot_name":{"type":"string","description_kind":"plain","optional":true,"computed":true},"status":{"type":"string","description_kind":"plain","computed":true},"tags":{"type":["map","string"],"description_kind":"plain","optional":true}},"block_types":{"timeouts":{"nesting_mode":"single","block":{"attributes":{"create":{"type":"string","description_kind":"plain","optional":true},"delete":{"type":"string","description_kind":"plain","optional":true}},"description_kind":"plain"}}},"description_kind":"plain"}},"alicloud_snapshot_policy":{"version":0,"block":{"attributes":{"copied_snapshots_retention_days":{"type":"number","description_kind":"plain","optional":true},"enable_cross_region_copy":{"type":"bool","description_kind":"plain","optional":true},"id":{"type":"string","description_kind":"plain","optional":true,"computed":true},"name":{"type":"string","description_kind":"plain","optional":true},"repeat_weekdays":{"type":["set","string"],"description_kind":"plain","required":true},"retention_days":{"type":"number","description_kind":"plain","required":true},"status":{"type":"string","description_kind":"plain","computed":true},"tags":{"type":["map","string"],"description_kind":"plain","optional":true},"target_copy_regions":{"type":["set","string"],"description_kind":"plain","optional":true},"time_points":{"type":["set","string"],"description_kind":"plain","required":true}},"block_types":{"timeouts":{"nesting_mode":"single","block":{"attributes":{"create":{"type":"string","description_kind":"plain","optional":true},"delete":{"type":"string","description_kind":"plain","optional":true}},"description_kind":"plain"}}},"description_kind":"plain"}},"alicloud_snat_entry":{"version":0,"block":{"attributes":{"id":{"type":"string","description_kind":"plain","optional":true,"computed":true},"snat_entry_id":{"type":"string","description_kind":"plain","computed":true},"snat_entry_name":{"type":"string","description_kind":"plain","optional":true},"snat_ip":{"type":"string","description_kind":"plain","required":true},"snat_table_id":{"type":"string","description_kind":"plain","required":true},"source_cidr":{"type":"string","description_kind":"plain","optional":true},"source_vswitch_id":{"type":"string","description_kind":"plain","optional":true},"status":{"type":"string","description_kind":"plain","computed":true}},"block_types":{"timeouts":{"nesting_mode":"single","block":{"attributes":{"create":{"type":"string","description_kind":"plain","optional":true},"delete":{"type":"string","description_kind":"plain","optional":true},"update":{"type":"string","description_kind":"plain","optional":true}},"description_kind":"plain"}}},"description_kind":"plain"}},"alicloud_ssl_certificates_service_certificate":{"version":0,"block":{"attributes":{"cert":{"type":"string","description_kind":"plain","required":true},"certificate_name":{"type":"string","description_kind":"plain","optional":true,"computed":true},"id":{"type":"string","description_kind":"plain","optional":true,"computed":true},"key":{"type":"string","description_kind":"plain","required":true},"lang":{"type":"string","description_kind":"plain","optional":true},"name":{"type":"string","description_kind":"plain","optional":true,"computed":true}},"description_kind":"plain"}},"alicloud_ssl_vpn_client_cert":{"version":0,"block":{"attributes":{"ca_cert":{"type":"string","description_kind":"plain","computed":true,"sensitive":true},"client_cert":{"type":"string","description_kind":"plain","computed":true,"sensitive":true},"client_config":{"type":"string","description_kind":"plain","computed":true,"sensitive":true},"client_key":{"type":"string","description_kind":"plain","computed":true,"sensitive":true},"id":{"type":"string","description_kind":"plain","optional":true,"computed":true},"name":{"type":"string","description_kind":"plain","optional":true},"ssl_vpn_server_id":{"type":"string","description_kind":"plain","required":true},"status":{"type":"string","description_kind":"plain","computed":true}},"description_kind":"plain"}},"alicloud_ssl_vpn_server":{"version":0,"block":{"attributes":{"cipher":{"type":"string","description_kind":"plain","optional":true},"client_ip_pool":{"type":"string","description_kind":"plain","required":true},"compress":{"type":"bool","description_kind":"plain","optional":true},"connections":{"type":"number","description_kind":"plain","computed":true},"id":{"type":"string","description_kind":"plain","optional":true,"computed":true},"internet_ip":{"type":"string","description_kind":"plain","computed":true},"local_subnet":{"type":"string","description_kind":"plain","required":true},"max_connections":{"type":"number","description_kind":"plain","computed":true},"name":{"type":"string","description_kind":"plain","optional":true},"port":{"type":"number","description_kind":"plain","optional":true},"protocol":{"type":"string","description_kind":"plain","optional":true},"vpn_gateway_id":{"type":"string","description_kind":"plain","required":true}},"description_kind":"plain"}},"alicloud_subnet":{"version":0,"block":{"attributes":{"availability_zone":{"type":"string","description_kind":"plain","optional":true,"computed":true},"cidr_block":{"type":"string","description_kind":"plain","required":true},"description":{"type":"string","description_kind":"plain","optional":true},"id":{"type":"string","description_kind":"plain","optional":true,"computed":true},"name":{"type":"string","description_kind":"plain","optional":true,"computed":true},"status":{"type":"string","description_kind":"plain","computed":true},"tags":{"type":["map","string"],"description_kind":"plain","optional":true},"vpc_id":{"type":"string","description_kind":"plain","required":true},"vswitch_name":{"type":"string","description_kind":"plain","optional":true,"computed":true},"zone_id":{"type":"string","description_kind":"plain","optional":true,"computed":true}},"block_types":{"timeouts":{"nesting_mode":"single","block":{"attributes":{"create":{"type":"string","description_kind":"plain","optional":true},"delete":{"type":"string","description_kind":"plain","optional":true}},"description_kind":"plain"}}},"description_kind":"plain"}},"alicloud_tsdb_instance":{"version":0,"block":{"attributes":{"app_key":{"type":"string","description_kind":"plain","optional":true},"disk_category":{"type":"string","description_kind":"plain","optional":true},"duration":{"type":"string","description_kind":"plain","optional":true},"engine_type":{"type":"string","description_kind":"plain","optional":true},"id":{"type":"string","description_kind":"plain","optional":true,"computed":true},"instance_alias":{"type":"string","description_kind":"plain","optional":true},"instance_class":{"type":"string","description_kind":"plain","required":true},"instance_storage":{"type":"string","description_kind":"plain","required":true},"payment_type":{"type":"string","description_kind":"plain","required":true},"status":{"type":"string","description_kind":"plain","computed":true},"vswitch_id":{"type":"string","description_kind":"plain","required":true},"zone_id":{"type":"string","description_kind":"plain","optional":true,"computed":true}},"block_types":{"timeouts":{"nesting_mode":"single","block":{"attributes":{"create":{"type":"string","description_kind":"plain","optional":true},"update":{"type":"string","description_kind":"plain","optional":true}},"description_kind":"plain"}}},"description_kind":"plain"}},"alicloud_vpc":{"version":0,"block":{"attributes":{"cidr_block":{"type":"string","description_kind":"plain","optional":true},"description":{"type":"string","description_kind":"plain","optional":true},"dry_run":{"type":"bool","description_kind":"plain","optional":true},"enable_ipv6":{"type":"bool","description_kind":"plain","optional":true},"id":{"type":"string","description_kind":"plain","optional":true,"computed":true},"ipv6_cidr_block":{"type":"string","description_kind":"plain","computed":true},"name":{"type":"string","description_kind":"plain","optional":true,"computed":true},"resource_group_id":{"type":"string","description_kind":"plain","optional":true,"computed":true},"route_table_id":{"type":"string","description_kind":"plain","computed":true},"router_id":{"type":"string","description_kind":"plain","computed":true},"router_table_id":{"type":"string","description_kind":"plain","computed":true},"secondary_cidr_blocks":{"type":["list","string"],"description_kind":"plain","optional":true},"status":{"type":"string","description_kind":"plain","computed":true},"tags":{"type":["map","string"],"description_kind":"plain","optional":true},"user_cidrs":{"type":["list","string"],"description_kind":"plain","optional":true},"vpc_name":{"type":"string","description_kind":"plain","optional":true,"computed":true}},"block_types":{"timeouts":{"nesting_mode":"single","block":{"attributes":{"create":{"type":"string","description_kind":"plain","optional":true},"delete":{"type":"string","description_kind":"plain","optional":true}},"description_kind":"plain"}}},"description_kind":"plain"}},"alicloud_vpc_flow_log":{"version":0,"block":{"attributes":{"description":{"type":"string","description_kind":"plain","optional":true},"flow_log_name":{"type":"string","description_kind":"plain","optional":true},"id":{"type":"string","description_kind":"plain","optional":true,"computed":true},"log_store_name":{"type":"string","description_kind":"plain","required":true},"project_name":{"type":"string","description_kind":"plain","required":true},"resource_id":{"type":"string","description_kind":"plain","required":true},"resource_type":{"type":"string","description_kind":"plain","required":true},"status":{"type":"string","description_kind":"plain","optional":true,"computed":true},"traffic_type":{"type":"string","description_kind":"plain","required":true}},"block_types":{"timeouts":{"nesting_mode":"single","block":{"attributes":{"create":{"type":"string","description_kind":"plain","optional":true},"delete":{"type":"string","description_kind":"plain","optional":true},"update":{"type":"string","description_kind":"plain","optional":true}},"description_kind":"plain"}}},"description_kind":"plain"}},"alicloud_vpn_connection":{"version":0,"block":{"attributes":{"customer_gateway_id":{"type":"string","description_kind":"plain","required":true},"effect_immediately":{"type":"bool","description_kind":"plain","optional":true},"id":{"type":"string","description_kind":"plain","optional":true,"computed":true},"local_subnet":{"type":["set","string"],"description_kind":"plain","required":true},"name":{"type":"string","description_kind":"plain","optional":true},"remote_subnet":{"type":["set","string"],"description_kind":"plain","required":true},"status":{"type":"string","description_kind":"plain","computed":true},"vpn_gateway_id":{"type":"string","description_kind":"plain","required":true}},"block_types":{"ike_config":{"nesting_mode":"list","block":{"attributes":{"ike_auth_alg":{"type":"string","description_kind":"plain","optional":true},"ike_enc_alg":{"type":"string","description_kind":"plain","optional":true},"ike_lifetime":{"type":"number","description_kind":"plain","optional":true},"ike_local_id":{"type":"string","description_kind":"plain","optional":true},"ike_mode":{"type":"string","description_kind":"plain","optional":true},"ike_pfs":{"type":"string","description_kind":"plain","optional":true},"ike_remote_id":{"type":"string","description_kind":"plain","optional":true},"ike_version":{"type":"string","description_kind":"plain","optional":true},"psk":{"type":"string","description_kind":"plain","optional":true}},"description_kind":"plain"}},"ipsec_config":{"nesting_mode":"list","block":{"attributes":{"ipsec_auth_alg":{"type":"string","description_kind":"plain","optional":true},"ipsec_enc_alg":{"type":"string","description_kind":"plain","optional":true},"ipsec_lifetime":{"type":"number","description_kind":"plain","optional":true},"ipsec_pfs":{"type":"string","description_kind":"plain","optional":true}},"description_kind":"plain"}}},"description_kind":"plain"}},"alicloud_vpn_customer_gateway":{"version":0,"block":{"attributes":{"description":{"type":"string","description_kind":"plain","optional":true},"id":{"type":"string","description_kind":"plain","optional":true,"computed":true},"ip_address":{"type":"string","description_kind":"plain","required":true},"name":{"type":"string","description_kind":"plain","optional":true}},"description_kind":"plain"}},"alicloud_vpn_gateway":{"version":0,"block":{"attributes":{"bandwidth":{"type":"number","description_kind":"plain","required":true},"business_status":{"type":"string","description_kind":"plain","computed":true},"description":{"type":"string","description_kind":"plain","optional":true},"enable_ipsec":{"type":"bool","description_kind":"plain","optional":true},"enable_ssl":{"type":"bool","description_kind":"plain","optional":true},"id":{"type":"string","description_kind":"plain","optional":true,"computed":true},"instance_charge_type":{"type":"string","description_kind":"plain","optional":true},"internet_ip":{"type":"string","description_kind":"plain","computed":true},"name":{"type":"string","description_kind":"plain","optional":true,"computed":true},"period":{"type":"number","description_kind":"plain","optional":true},"ssl_connections":{"type":"number","description_kind":"plain","optional":true},"status":{"type":"string","description_kind":"plain","computed":true},"vpc_id":{"type":"string","description_kind":"plain","required":true},"vswitch_id":{"type":"string","description_kind":"plain","optional":true,"computed":true}},"description_kind":"plain"}},"alicloud_vpn_route_entry":{"version":0,"block":{"attributes":{"id":{"type":"string","description_kind":"plain","optional":true,"computed":true},"next_hop":{"type":"string","description_kind":"plain","required":true},"publish_vpc":{"type":"bool","description_kind":"plain","required":true},"route_dest":{"type":"string","description_kind":"plain","required":true},"vpn_gateway_id":{"type":"string","description_kind":"plain","required":true},"weight":{"type":"number","description_kind":"plain","required":true}},"description_kind":"plain"}},"alicloud_vswitch":{"version":0,"block":{"attributes":{"availability_zone":{"type":"string","description_kind":"plain","optional":true,"computed":true},"cidr_block":{"type":"string","description_kind":"plain","required":true},"description":{"type":"string","description_kind":"plain","optional":true},"id":{"type":"string","description_kind":"plain","optional":true,"computed":true},"name":{"type":"string","description_kind":"plain","optional":true,"computed":true},"status":{"type":"string","description_kind":"plain","computed":true},"tags":{"type":["map","string"],"description_kind":"plain","optional":true},"vpc_id":{"type":"string","description_kind":"plain","required":true},"vswitch_name":{"type":"string","description_kind":"plain","optional":true,"computed":true},"zone_id":{"type":"string","description_kind":"plain","optional":true,"computed":true}},"block_types":{"timeouts":{"nesting_mode":"single","block":{"attributes":{"create":{"type":"string","description_kind":"plain","optional":true},"delete":{"type":"string","description_kind":"plain","optional":true}},"description_kind":"plain"}}},"description_kind":"plain"}},"alicloud_waf_domain":{"version":0,"block":{"attributes":{"cluster_type":{"type":"string","description_kind":"plain","optional":true},"cname":{"type":"string","description_kind":"plain","computed":true},"connection_time":{"type":"number","description_kind":"plain","optional":true},"domain":{"type":"string","description_kind":"plain","optional":true,"computed":true},"domain_name":{"type":"string","description_kind":"plain","optional":true,"computed":true},"http2_port":{"type":["set","string"],"description_kind":"plain","optional":true},"http_port":{"type":["set","string"],"description_kind":"plain","optional":true},"http_to_user_ip":{"type":"string","description_kind":"plain","optional":true},"https_port":{"type":["set","string"],"description_kind":"plain","optional":true},"https_redirect":{"type":"string","description_kind":"plain","optional":true},"id":{"type":"string","description_kind":"plain","optional":true,"computed":true},"instance_id":{"type":"string","description_kind":"plain","required":true},"is_access_product":{"type":"string","description_kind":"plain","required":true},"load_balancing":{"type":"string","description_kind":"plain","optional":true},"read_time":{"type":"number","description_kind":"plain","optional":true},"resource_group_id":{"type":"string","description_kind":"plain","optional":true,"computed":true},"source_ips":{"type":["set","string"],"description_kind":"plain","optional":true},"write_time":{"type":"number","description_kind":"plain","optional":true}},"block_types":{"log_headers":{"nesting_mode":"set","block":{"attributes":{"key":{"type":"string","description_kind":"plain","optional":true},"value":{"type":"string","description_kind":"plain","optional":true}},"description_kind":"plain"}}},"description_kind":"plain"}},"alicloud_waf_instance":{"version":0,"block":{"attributes":{"big_screen":{"type":"string","description_kind":"plain","required":true},"exclusive_ip_package":{"type":"string","description_kind":"plain","required":true},"ext_bandwidth":{"type":"string","description_kind":"plain","required":true},"ext_domain_package":{"type":"string","description_kind":"plain","required":true},"id":{"type":"string","description_kind":"plain","optional":true,"computed":true},"log_storage":{"type":"string","description_kind":"plain","required":true},"log_time":{"type":"string","description_kind":"plain","required":true},"modify_type":{"type":"string","description_kind":"plain","optional":true},"package_code":{"type":"string","description_kind":"plain","required":true},"period":{"type":"number","description_kind":"plain","optional":true},"prefessional_service":{"type":"string","description_kind":"plain","required":true},"renew_period":{"type":"number","description_kind":"plain","optional":true},"renewal_status":{"type":"string","description_kind":"plain","optional":true},"resource_group_id":{"type":"string","description_kind":"plain","optional":true},"status":{"type":"number","description_kind":"plain","computed":true},"subscription_type":{"type":"string","description_kind":"plain","required":true},"waf_log":{"type":"string","description_kind":"plain","required":true}},"description_kind":"plain"}},"alicloud_yundun_bastionhost_instance":{"version":0,"block":{"attributes":{"description":{"type":"string","description_kind":"plain","required":true},"id":{"type":"string","description_kind":"plain","optional":true,"computed":true},"license_code":{"type":"string","description_kind":"plain","required":true},"period":{"type":"number","description_kind":"plain","optional":true},"resource_group_id":{"type":"string","description_kind":"plain","optional":true},"security_group_ids":{"type":["list","string"],"description_kind":"plain","required":true},"tags":{"type":["map","string"],"description_kind":"plain","optional":true},"vswitch_id":{"type":"string","description_kind":"plain","required":true}},"block_types":{"timeouts":{"nesting_mode":"single","block":{"attributes":{"create":{"type":"string","description_kind":"plain","optional":true},"update":{"type":"string","description_kind":"plain","optional":true}},"description_kind":"plain"}}},"description_kind":"plain"}},"alicloud_yundun_dbaudit_instance":{"version":0,"block":{"attributes":{"description":{"type":"string","description_kind":"plain","required":true},"id":{"type":"string","description_kind":"plain","optional":true,"computed":true},"period":{"type":"number","description_kind":"plain","optional":true},"plan_code":{"type":"string","description_kind":"plain","required":true},"resource_group_id":{"type":"string","description_kind":"plain","optional":true},"tags":{"type":["map","string"],"description_kind":"plain","optional":true},"vswitch_id":{"type":"string","description_kind":"plain","required":true}},"block_types":{"timeouts":{"nesting_mode":"single","block":{"attributes":{"create":{"type":"string","description_kind":"plain","optional":true},"update":{"type":"string","description_kind":"plain","optional":true}},"description_kind":"plain"}}},"description_kind":"plain"}}},"data_source_schemas":{"alicloud_account":{"version":0,"block":{"attributes":{"id":{"type":"string","description_kind":"plain","computed":true}},"description_kind":"plain"}},"alicloud_ack_service":{"version":0,"block":{"attributes":{"enable":{"type":"string","description_kind":"plain","optional":true},"id":{"type":"string","description_kind":"plain","optional":true,"computed":true},"status":{"type":"string","description_kind":"plain","computed":true},"type":{"type":"string","description_kind":"plain","required":true}},"description_kind":"plain"}},"alicloud_actiontrail_trails":{"version":0,"block":{"attributes":{"actiontrails":{"type":["list",["object",{"event_rw":"string","id":"string","is_organization_trail":"bool","oss_bucket_name":"string","oss_key_prefix":"string","oss_write_role_arn":"string","sls_project_arn":"string","sls_write_role_arn":"string","status":"string","trail_name":"string","trail_region":"string"}]],"description_kind":"plain","computed":true},"id":{"type":"string","description_kind":"plain","optional":true,"computed":true},"ids":{"type":["list","string"],"description_kind":"plain","optional":true,"computed":true},"include_organization_trail":{"type":"bool","description_kind":"plain","optional":true},"include_shadow_trails":{"type":"bool","description_kind":"plain","optional":true},"name_regex":{"type":"string","description_kind":"plain","optional":true},"names":{"type":["list","string"],"description_kind":"plain","computed":true},"output_file":{"type":"string","description_kind":"plain","optional":true},"status":{"type":"string","description_kind":"plain","optional":true},"trails":{"type":["list",["object",{"event_rw":"string","id":"string","is_organization_trail":"bool","oss_bucket_name":"string","oss_key_prefix":"string","oss_write_role_arn":"string","sls_project_arn":"string","sls_write_role_arn":"string","status":"string","trail_name":"string","trail_region":"string"}]],"description_kind":"plain","computed":true}},"description_kind":"plain"}},"alicloud_actiontrails":{"version":0,"block":{"attributes":{"actiontrails":{"type":["list",["object",{"event_rw":"string","id":"string","is_organization_trail":"bool","oss_bucket_name":"string","oss_key_prefix":"string","oss_write_role_arn":"string","sls_project_arn":"string","sls_write_role_arn":"string","status":"string","trail_name":"string","trail_region":"string"}]],"description_kind":"plain","computed":true},"id":{"type":"string","description_kind":"plain","optional":true,"computed":true},"ids":{"type":["list","string"],"description_kind":"plain","optional":true,"computed":true},"include_organization_trail":{"type":"bool","description_kind":"plain","optional":true},"include_shadow_trails":{"type":"bool","description_kind":"plain","optional":true},"name_regex":{"type":"string","description_kind":"plain","optional":true},"names":{"type":["list","string"],"description_kind":"plain","computed":true},"output_file":{"type":"string","description_kind":"plain","optional":true},"status":{"type":"string","description_kind":"plain","optional":true},"trails":{"type":["list",["object",{"event_rw":"string","id":"string","is_organization_trail":"bool","oss_bucket_name":"string","oss_key_prefix":"string","oss_write_role_arn":"string","sls_project_arn":"string","sls_write_role_arn":"string","status":"string","trail_name":"string","trail_region":"string"}]],"description_kind":"plain","computed":true}},"description_kind":"plain"}},"alicloud_adb_clusters":{"version":0,"block":{"attributes":{"clusters":{"type":["list",["object",{"auto_renew_period":"number","charge_type":"string","commodity_code":"string","compute_resource":"string","connection_string":"string","create_time":"string","db_cluster_category":"string","db_cluster_id":"string","db_cluster_network_type":"string","db_cluster_type":"string","db_cluster_version":"string","db_node_class":"string","db_node_count":"number","db_node_storage":"number","description":"string","disk_type":"string","dts_job_id":"string","elastic_io_resource":"number","engine":"string","engine_version":"string","executor_count":"string","expire_time":"string","expired":"string","id":"string","lock_mode":"string","lock_reason":"string","maintain_time":"string","network_type":"string","payment_type":"string","port":"number","rds_instance_id":"string","region_id":"string","renewal_status":"string","resource_group_id":"string","security_ips":["list","string"],"status":"string","storage_resource":"string","tags":["map","string"],"vpc_cloud_instance_id":"string","vpc_id":"string","vswitch_id":"string","zone_id":"string"}]],"description_kind":"plain","computed":true},"description":{"type":"string","description_kind":"plain","optional":true},"description_regex":{"type":"string","description_kind":"plain","optional":true},"descriptions":{"type":["list","string"],"description_kind":"plain","computed":true},"enable_details":{"type":"bool","description_kind":"plain","optional":true},"id":{"type":"string","description_kind":"plain","optional":true,"computed":true},"ids":{"type":["list","string"],"description_kind":"plain","optional":true,"computed":true},"output_file":{"type":"string","description_kind":"plain","optional":true},"resource_group_id":{"type":"string","description_kind":"plain","optional":true},"status":{"type":"string","description_kind":"plain","optional":true},"tags":{"type":["map","string"],"description_kind":"plain","optional":true}},"description_kind":"plain"}},"alicloud_adb_db_clusters":{"version":0,"block":{"attributes":{"clusters":{"type":["list",["object",{"auto_renew_period":"number","charge_type":"string","commodity_code":"string","compute_resource":"string","connection_string":"string","create_time":"string","db_cluster_category":"string","db_cluster_id":"string","db_cluster_network_type":"string","db_cluster_type":"string","db_cluster_version":"string","db_node_class":"string","db_node_count":"number","db_node_storage":"number","description":"string","disk_type":"string","dts_job_id":"string","elastic_io_resource":"number","engine":"string","engine_version":"string","executor_count":"string","expire_time":"string","expired":"string","id":"string","lock_mode":"string","lock_reason":"string","maintain_time":"string","network_type":"string","payment_type":"string","port":"number","rds_instance_id":"string","region_id":"string","renewal_status":"string","resource_group_id":"string","security_ips":["list","string"],"status":"string","storage_resource":"string","tags":["map","string"],"vpc_cloud_instance_id":"string","vpc_id":"string","vswitch_id":"string","zone_id":"string"}]],"description_kind":"plain","computed":true},"description":{"type":"string","description_kind":"plain","optional":true},"description_regex":{"type":"string","description_kind":"plain","optional":true},"descriptions":{"type":["list","string"],"description_kind":"plain","computed":true},"enable_details":{"type":"bool","description_kind":"plain","optional":true},"id":{"type":"string","description_kind":"plain","optional":true,"computed":true},"ids":{"type":["list","string"],"description_kind":"plain","optional":true,"computed":true},"output_file":{"type":"string","description_kind":"plain","optional":true},"resource_group_id":{"type":"string","description_kind":"plain","optional":true},"status":{"type":"string","description_kind":"plain","optional":true},"tags":{"type":["map","string"],"description_kind":"plain","optional":true}},"description_kind":"plain"}},"alicloud_adb_zones":{"version":0,"block":{"attributes":{"id":{"type":"string","description_kind":"plain","optional":true,"computed":true},"ids":{"type":["list","string"],"description_kind":"plain","computed":true},"multi":{"type":"bool","description_kind":"plain","optional":true},"output_file":{"type":"string","description_kind":"plain","optional":true},"zones":{"type":["list",["object",{"id":"string","multi_zone_ids":["list","string"]}]],"description_kind":"plain","computed":true}},"description_kind":"plain"}},"alicloud_alb_security_policies":{"version":0,"block":{"attributes":{"id":{"type":"string","description_kind":"plain","optional":true,"computed":true},"ids":{"type":["list","string"],"description_kind":"plain","optional":true,"computed":true},"name_regex":{"type":"string","description_kind":"plain","optional":true},"names":{"type":["list","string"],"description_kind":"plain","computed":true},"output_file":{"type":"string","description_kind":"plain","optional":true},"policies":{"type":["list",["object",{"ciphers":["list","string"],"id":"string","resource_group_id":"string","security_policy_id":"string","security_policy_name":"string","status":"string","tls_versions":["list","string"]}]],"description_kind":"plain","computed":true},"resource_group_id":{"type":"string","description_kind":"plain","optional":true},"security_policy_ids":{"type":["list","string"],"description_kind":"plain","optional":true},"security_policy_name":{"type":"string","description_kind":"plain","optional":true},"status":{"type":"string","description_kind":"plain","optional":true},"tags":{"type":["map","string"],"description_kind":"plain","optional":true}},"description_kind":"plain"}},"alicloud_alidns_domain_groups":{"version":0,"block":{"attributes":{"groups":{"type":["list",["object",{"domain_count":"number","group_id":"string","group_name":"string","id":"string"}]],"description_kind":"plain","computed":true},"id":{"type":"string","description_kind":"plain","optional":true,"computed":true},"ids":{"type":["list","string"],"description_kind":"plain","optional":true,"computed":true},"name_regex":{"type":"string","description_kind":"plain","optional":true},"names":{"type":["list","string"],"description_kind":"plain","computed":true},"output_file":{"type":"string","description_kind":"plain","optional":true}},"description_kind":"plain"}},"alicloud_alidns_domains":{"version":0,"block":{"attributes":{"ali_domain":{"type":"bool","description_kind":"plain","optional":true},"domain_name_regex":{"type":"string","description_kind":"plain","optional":true},"domains":{"type":["list",["object",{"ali_domain":"bool","available_ttls":["list","number"],"dns_servers":["list","string"],"domain_id":"string","domain_name":"string","group_id":"string","group_name":"string","id":"string","in_black_hole":"bool","in_clean":"bool","instance_id":"string","line_type":"string","min_ttl":"number","puny_code":"string","record_line_tree_json":"string","record_lines":["list",["object",{"father_code":"string","line_code":"string","line_display_name":"string","line_name":"string"}]],"region_lines":"bool","remark":"string","resource_group_id":"string","slave_dns":"bool","tags":["map","string"],"version_code":"string","version_name":"string"}]],"description_kind":"plain","computed":true},"enable_details":{"type":"bool","description_kind":"plain","optional":true},"group_id":{"type":"string","description_kind":"plain","optional":true},"group_name_regex":{"type":"string","description_kind":"plain","optional":true},"id":{"type":"string","description_kind":"plain","optional":true,"computed":true},"ids":{"type":["list","string"],"description_kind":"plain","optional":true,"computed":true},"instance_id":{"type":"string","description_kind":"plain","optional":true},"key_word":{"type":"string","description_kind":"plain","optional":true},"lang":{"type":"string","description_kind":"plain","optional":true},"names":{"type":["list","string"],"description_kind":"plain","computed":true},"output_file":{"type":"string","description_kind":"plain","optional":true},"resource_group_id":{"type":"string","description_kind":"plain","optional":true},"search_mode":{"type":"string","description_kind":"plain","optional":true},"starmark":{"type":"bool","description_kind":"plain","optional":true},"tags":{"type":["map","string"],"description_kind":"plain","optional":true},"version_code":{"type":"string","description_kind":"plain","optional":true}},"description_kind":"plain"}},"alicloud_alidns_instances":{"version":0,"block":{"attributes":{"domain_type":{"type":"string","description_kind":"plain","optional":true},"id":{"type":"string","description_kind":"plain","optional":true,"computed":true},"ids":{"type":["list","string"],"description_kind":"plain","optional":true,"computed":true},"instances":{"type":["list",["object",{"dns_security":"string","domain":"string","domain_numbers":"string","id":"string","instance_id":"string","payment_type":"string","version_code":"string","version_name":"string"}]],"description_kind":"plain","computed":true},"lang":{"type":"string","description_kind":"plain","optional":true},"output_file":{"type":"string","description_kind":"plain","optional":true},"user_client_ip":{"type":"string","description_kind":"plain","optional":true}},"description_kind":"plain"}},"alicloud_alidns_records":{"version":0,"block":{"attributes":{"direction":{"type":"string","description_kind":"plain","optional":true},"domain_name":{"type":"string","description_kind":"plain","required":true},"group_id":{"type":"number","description_kind":"plain","optional":true},"id":{"type":"string","description_kind":"plain","optional":true,"computed":true},"ids":{"type":["list","string"],"description_kind":"plain","optional":true,"computed":true},"key_word":{"type":"string","description_kind":"plain","optional":true},"lang":{"type":"string","description_kind":"plain","optional":true},"line":{"type":"string","description_kind":"plain","optional":true},"order_by":{"type":"string","description_kind":"plain","optional":true},"output_file":{"type":"string","description_kind":"plain","optional":true},"records":{"type":["list",["object",{"domain_name":"string","id":"string","line":"string","locked":"bool","priority":"number","record_id":"string","rr":"string","status":"string","ttl":"number","type":"string","value":"string"}]],"description_kind":"plain","computed":true},"rr_key_word":{"type":"string","description_kind":"plain","optional":true},"rr_regex":{"type":"string","description_kind":"plain","optional":true},"search_mode":{"type":"string","description_kind":"plain","optional":true},"status":{"type":"string","description_kind":"plain","optional":true},"type":{"type":"string","description_kind":"plain","optional":true},"type_key_word":{"type":"string","description_kind":"plain","optional":true},"value_key_word":{"type":"string","description_kind":"plain","optional":true},"value_regex":{"type":"string","description_kind":"plain","optional":true}},"description_kind":"plain"}},"alicloud_alikafka_consumer_groups":{"version":0,"block":{"attributes":{"consumer_id_regex":{"type":"string","description_kind":"plain","optional":true},"consumer_ids":{"type":["list","string"],"description_kind":"plain","computed":true},"id":{"type":"string","description_kind":"plain","optional":true,"computed":true},"instance_id":{"type":"string","description_kind":"plain","required":true},"output_file":{"type":"string","description_kind":"plain","optional":true}},"description_kind":"plain"}},"alicloud_alikafka_instances":{"version":0,"block":{"attributes":{"id":{"type":"string","description_kind":"plain","optional":true,"computed":true},"ids":{"type":["list","string"],"description_kind":"plain","optional":true,"computed":true},"instances":{"type":["list",["object",{"config":"string","create_time":"string","deploy_type":"number","disk_size":"number","disk_type":"number","eip_max":"number","end_point":"string","id":"string","io_max":"number","name":"string","paid_type":"string","security_group":"string","service_status":"number","service_version":"string","spec_type":"string","topic_quota":"number","vpc_id":"string","vswitch_id":"string","zone_id":"string"}]],"description_kind":"plain","computed":true},"name_regex":{"type":"string","description_kind":"plain","optional":true},"names":{"type":["list","string"],"description_kind":"plain","computed":true},"output_file":{"type":"string","description_kind":"plain","optional":true}},"description_kind":"plain"}},"alicloud_alikafka_sasl_acls":{"version":0,"block":{"attributes":{"acl_resource_name":{"type":"string","description_kind":"plain","required":true},"acl_resource_type":{"type":"string","description_kind":"plain","required":true},"acls":{"type":["list",["object",{"acl_operation_type":"string","acl_resource_name":"string","acl_resource_pattern_type":"string","acl_resource_type":"string","host":"string","username":"string"}]],"description_kind":"plain","computed":true},"id":{"type":"string","description_kind":"plain","optional":true,"computed":true},"instance_id":{"type":"string","description_kind":"plain","required":true},"output_file":{"type":"string","description_kind":"plain","optional":true},"username":{"type":"string","description_kind":"plain","required":true}},"description_kind":"plain"}},"alicloud_alikafka_sasl_users":{"version":0,"block":{"attributes":{"id":{"type":"string","description_kind":"plain","optional":true,"computed":true},"instance_id":{"type":"string","description_kind":"plain","required":true},"name_regex":{"type":"string","description_kind":"plain","optional":true},"names":{"type":["list","string"],"description_kind":"plain","computed":true},"output_file":{"type":"string","description_kind":"plain","optional":true},"users":{"type":["list",["object",{"password":"string","username":"string"}]],"description_kind":"plain","computed":true}},"description_kind":"plain"}},"alicloud_alikafka_topics":{"version":0,"block":{"attributes":{"id":{"type":"string","description_kind":"plain","optional":true,"computed":true},"instance_id":{"type":"string","description_kind":"plain","required":true},"name_regex":{"type":"string","description_kind":"plain","optional":true},"names":{"type":["list","string"],"description_kind":"plain","computed":true},"output_file":{"type":"string","description_kind":"plain","optional":true},"topics":{"type":["list",["object",{"compact_topic":"bool","create_time":"string","local_topic":"bool","partition_num":"number","remark":"string","status":"number","topic":"string"}]],"description_kind":"plain","computed":true}},"description_kind":"plain"}},"alicloud_amqp_exchanges":{"version":0,"block":{"attributes":{"exchanges":{"type":["list",["object",{"attributes":["map","string"],"auto_delete_state":"bool","create_time":"string","exchange_name":"string","exchange_type":"string","id":"string","instance_id":"string","virtual_host_name":"string"}]],"description_kind":"plain","computed":true},"id":{"type":"string","description_kind":"plain","optional":true,"computed":true},"ids":{"type":["list","string"],"description_kind":"plain","optional":true,"computed":true},"instance_id":{"type":"string","description_kind":"plain","required":true},"name_regex":{"type":"string","description_kind":"plain","optional":true},"names":{"type":["list","string"],"description_kind":"plain","computed":true},"output_file":{"type":"string","description_kind":"plain","optional":true},"virtual_host_name":{"type":"string","description_kind":"plain","required":true}},"description_kind":"plain"}},"alicloud_amqp_instances":{"version":0,"block":{"attributes":{"enable_details":{"type":"bool","description_kind":"plain","optional":true},"id":{"type":"string","description_kind":"plain","optional":true,"computed":true},"ids":{"type":["list","string"],"description_kind":"plain","optional":true,"computed":true},"instances":{"type":["list",["object",{"create_time":"string","expire_time":"string","id":"string","instance_id":"string","instance_name":"string","instance_type":"string","payment_type":"string","private_end_point":"string","public_endpoint":"string","renewal_duration":"number","renewal_duration_unit":"string","renewal_status":"string","status":"string","support_eip":"bool"}]],"description_kind":"plain","computed":true},"name_regex":{"type":"string","description_kind":"plain","optional":true},"names":{"type":["list","string"],"description_kind":"plain","computed":true},"output_file":{"type":"string","description_kind":"plain","optional":true},"status":{"type":"string","description_kind":"plain","optional":true}},"description_kind":"plain"}},"alicloud_amqp_queues":{"version":0,"block":{"attributes":{"id":{"type":"string","description_kind":"plain","optional":true,"computed":true},"ids":{"type":["list","string"],"description_kind":"plain","optional":true,"computed":true},"instance_id":{"type":"string","description_kind":"plain","required":true},"name_regex":{"type":"string","description_kind":"plain","optional":true},"names":{"type":["list","string"],"description_kind":"plain","computed":true},"output_file":{"type":"string","description_kind":"plain","optional":true},"queues":{"type":["list",["object",{"attributes":["map","string"],"auto_delete_state":"bool","create_time":"string","exclusive_state":"bool","id":"string","instance_id":"string","last_consume_time":"string","queue_name":"string","virtual_host_name":"string"}]],"description_kind":"plain","computed":true},"virtual_host_name":{"type":"string","description_kind":"plain","required":true}},"description_kind":"plain"}},"alicloud_amqp_virtual_hosts":{"version":0,"block":{"attributes":{"hosts":{"type":["list",["object",{"id":"string","instance_id":"string","virtual_host_name":"string"}]],"description_kind":"plain","computed":true},"id":{"type":"string","description_kind":"plain","optional":true,"computed":true},"ids":{"type":["list","string"],"description_kind":"plain","optional":true,"computed":true},"instance_id":{"type":"string","description_kind":"plain","required":true},"name_regex":{"type":"string","description_kind":"plain","optional":true},"names":{"type":["list","string"],"description_kind":"plain","computed":true},"output_file":{"type":"string","description_kind":"plain","optional":true}},"description_kind":"plain"}},"alicloud_api_gateway_apis":{"version":0,"block":{"attributes":{"api_id":{"type":"string","description_kind":"plain","optional":true},"apis":{"type":["list",["object",{"description":"string","group_id":"string","group_name":"string","id":"string","name":"string","region_id":"string"}]],"description_kind":"plain","computed":true},"group_id":{"type":"string","description_kind":"plain","optional":true},"id":{"type":"string","description_kind":"plain","optional":true,"computed":true},"ids":{"type":["list","string"],"description_kind":"plain","optional":true,"computed":true},"name_regex":{"type":"string","description_kind":"plain","optional":true},"names":{"type":["list","string"],"description_kind":"plain","computed":true},"output_file":{"type":"string","description_kind":"plain","optional":true}},"description_kind":"plain"}},"alicloud_api_gateway_apps":{"version":0,"block":{"attributes":{"apps":{"type":["list",["object",{"app_code":"string","created_time":"string","description":"string","id":"number","modified_time":"string","name":"string"}]],"description_kind":"plain","computed":true},"id":{"type":"string","description_kind":"plain","optional":true,"computed":true},"ids":{"type":["list","string"],"description_kind":"plain","optional":true,"computed":true},"name_regex":{"type":"string","description_kind":"plain","optional":true},"names":{"type":["list","string"],"description_kind":"plain","computed":true},"output_file":{"type":"string","description_kind":"plain","optional":true},"tags":{"type":["map","string"],"description_kind":"plain","optional":true}},"description_kind":"plain"}},"alicloud_api_gateway_groups":{"version":0,"block":{"attributes":{"groups":{"type":["list",["object",{"billing_status":"string","created_time":"string","description":"string","id":"string","illegal_status":"string","modified_time":"string","name":"string","region_id":"string","sub_domain":"string","traffic_limit":"number"}]],"description_kind":"plain","computed":true},"id":{"type":"string","description_kind":"plain","optional":true,"computed":true},"ids":{"type":["list","string"],"description_kind":"plain","optional":true,"computed":true},"name_regex":{"type":"string","description_kind":"plain","optional":true},"names":{"type":["list","string"],"description_kind":"plain","computed":true},"output_file":{"type":"string","description_kind":"plain","optional":true}},"description_kind":"plain"}},"alicloud_api_gateway_service":{"version":0,"block":{"attributes":{"enable":{"type":"string","description_kind":"plain","optional":true},"id":{"type":"string","description_kind":"plain","optional":true,"computed":true},"status":{"type":"string","description_kind":"plain","computed":true}},"description_kind":"plain"}},"alicloud_arms_alert_contacts":{"version":0,"block":{"attributes":{"alert_contact_name":{"type":"string","description_kind":"plain","optional":true},"contacts":{"type":["list",["object",{"alert_contact_id":"string","alert_contact_name":"string","create_time":"string","ding_robot_webhook_url":"string","email":"string","id":"string","phone_num":"string","system_noc":"bool","webhook":"string"}]],"description_kind":"plain","computed":true},"email":{"type":"string","description_kind":"plain","optional":true},"id":{"type":"string","description_kind":"plain","optional":true,"computed":true},"ids":{"type":["list","string"],"description_kind":"plain","optional":true,"computed":true},"name_regex":{"type":"string","description_kind":"plain","optional":true},"names":{"type":["list","string"],"description_kind":"plain","computed":true},"output_file":{"type":"string","description_kind":"plain","optional":true},"phone_num":{"type":"string","description_kind":"plain","optional":true}},"description_kind":"plain"}},"alicloud_brain_industrial_pid_loops":{"version":0,"block":{"attributes":{"enable_details":{"type":"bool","description_kind":"plain","optional":true},"id":{"type":"string","description_kind":"plain","optional":true,"computed":true},"ids":{"type":["list","string"],"description_kind":"plain","optional":true,"computed":true},"loops":{"type":["list",["object",{"id":"string","pid_loop_configuration":"string","pid_loop_dcs_type":"string","pid_loop_desc":"string","pid_loop_id":"string","pid_loop_is_crucial":"bool","pid_loop_name":"string","pid_loop_type":"string","pid_project_id":"string","status":"string"}]],"description_kind":"plain","computed":true},"name_regex":{"type":"string","description_kind":"plain","optional":true},"names":{"type":["list","string"],"description_kind":"plain","computed":true},"output_file":{"type":"string","description_kind":"plain","optional":true},"pid_loop_name":{"type":"string","description_kind":"plain","optional":true},"pid_project_id":{"type":"string","description_kind":"plain","required":true},"status":{"type":"string","description_kind":"plain","optional":true}},"description_kind":"plain"}},"alicloud_brain_industrial_pid_organizations":{"version":0,"block":{"attributes":{"id":{"type":"string","description_kind":"plain","optional":true,"computed":true},"ids":{"type":["list","string"],"description_kind":"plain","optional":true,"computed":true},"name_regex":{"type":"string","description_kind":"plain","optional":true},"names":{"type":["list","string"],"description_kind":"plain","computed":true},"organizations":{"type":["list",["object",{"id":"string","parent_pid_organization_id":"string","pid_organization_id":"string","pid_organization_level":"number","pid_organization_name":"string"}]],"description_kind":"plain","computed":true},"output_file":{"type":"string","description_kind":"plain","optional":true},"parent_organization_id":{"type":"string","description_kind":"plain","optional":true}},"description_kind":"plain"}},"alicloud_brain_industrial_pid_projects":{"version":0,"block":{"attributes":{"id":{"type":"string","description_kind":"plain","optional":true,"computed":true},"ids":{"type":["list","string"],"description_kind":"plain","optional":true,"computed":true},"name_regex":{"type":"string","description_kind":"plain","optional":true},"names":{"type":["list","string"],"description_kind":"plain","computed":true},"output_file":{"type":"string","description_kind":"plain","optional":true},"pid_organization_id":{"type":"string","description_kind":"plain","optional":true},"pid_project_name":{"type":"string","description_kind":"plain","optional":true},"projects":{"type":["list",["object",{"id":"string","pid_organization_id":"string","pid_project_desc":"string","pid_project_id":"string","pid_project_name":"string"}]],"description_kind":"plain","computed":true}},"description_kind":"plain"}},"alicloud_brain_industrial_service":{"version":0,"block":{"attributes":{"enable":{"type":"string","description_kind":"plain","optional":true},"id":{"type":"string","description_kind":"plain","optional":true,"computed":true},"status":{"type":"string","description_kind":"plain","computed":true}},"description_kind":"plain"}},"alicloud_caller_identity":{"version":0,"block":{"attributes":{"account_id":{"type":"string","description_kind":"plain","computed":true},"arn":{"type":"string","description_kind":"plain","computed":true},"id":{"type":"string","description_kind":"plain","optional":true,"computed":true},"identity_type":{"type":"string","description_kind":"plain","computed":true}},"description_kind":"plain"}},"alicloud_cas_certificates":{"version":0,"block":{"attributes":{"certificates":{"type":["list",["object",{"buy_in_aliyun":"bool","cert":"string","cert_id":"string","certificate_name":"string","city":"string","common":"string","country":"string","end_date":"string","expired":"bool","fingerprint":"string","id":"string","issuer":"string","key":"string","name":"string","org_name":"string","province":"string","sans":"string","start_date":"string"}]],"description_kind":"plain","computed":true},"enable_details":{"type":"bool","description_kind":"plain","optional":true},"id":{"type":"string","description_kind":"plain","optional":true,"computed":true},"ids":{"type":["list","string"],"description_kind":"plain","optional":true,"computed":true},"lang":{"type":"string","description_kind":"plain","optional":true},"name_regex":{"type":"string","description_kind":"plain","optional":true},"names":{"type":["list","string"],"description_kind":"plain","computed":true},"output_file":{"type":"string","description_kind":"plain","optional":true}},"description_kind":"plain"}},"alicloud_cassandra_backup_plans":{"version":0,"block":{"attributes":{"cluster_id":{"type":"string","description_kind":"plain","required":true},"id":{"type":"string","description_kind":"plain","optional":true,"computed":true},"ids":{"type":["list","string"],"description_kind":"plain","computed":true},"output_file":{"type":"string","description_kind":"plain","optional":true},"plans":{"type":["list",["object",{"active":"bool","backup_period":"string","backup_time":"string","cluster_id":"string","create_time":"string","data_center_id":"string","id":"string","retention_period":"number"}]],"description_kind":"plain","computed":true}},"description_kind":"plain"}},"alicloud_cassandra_clusters":{"version":0,"block":{"attributes":{"clusters":{"type":["list",["object",{"cluster_id":"string","cluster_name":"string","created_time":"string","data_center_count":"number","expire_time":"string","id":"string","lock_mode":"string","major_version":"string","minor_version":"string","pay_type":"string","status":"string","tags":["map","string"]}]],"description_kind":"plain","computed":true},"id":{"type":"string","description_kind":"plain","optional":true,"computed":true},"ids":{"type":["list","string"],"description_kind":"plain","optional":true,"computed":true},"name_regex":{"type":"string","description_kind":"plain","optional":true},"names":{"type":["list","string"],"description_kind":"plain","computed":true},"output_file":{"type":"string","description_kind":"plain","optional":true},"tags":{"type":["map","string"],"description_kind":"plain","optional":true}},"description_kind":"plain"}},"alicloud_cassandra_data_centers":{"version":0,"block":{"attributes":{"centers":{"type":["list",["object",{"cluster_id":"string","commodity_instance":"string","created_time":"string","data_center_id":"string","data_center_name":"string","disk_size":"number","disk_type":"string","expire_time":"string","instance_type":"string","lock_mode":"string","node_count":"number","pay_type":"string","status":"string","vpc_id":"string","vswitch_id":"string","zone_id":"string"}]],"description_kind":"plain","computed":true},"cluster_id":{"type":"string","description_kind":"plain","required":true},"id":{"type":"string","description_kind":"plain","optional":true,"computed":true},"ids":{"type":["list","string"],"description_kind":"plain","optional":true,"computed":true},"name_regex":{"type":"string","description_kind":"plain","optional":true},"names":{"type":["list","string"],"description_kind":"plain","computed":true},"output_file":{"type":"string","description_kind":"plain","optional":true}},"description_kind":"plain"}},"alicloud_cassandra_zones":{"version":0,"block":{"attributes":{"id":{"type":"string","description_kind":"plain","optional":true,"computed":true},"ids":{"type":["list","string"],"description_kind":"plain","computed":true},"multi":{"type":"bool","description_kind":"plain","optional":true},"output_file":{"type":"string","description_kind":"plain","optional":true},"zones":{"type":["list",["object",{"id":"string","multi_zone_ids":["list","string"]}]],"description_kind":"plain","computed":true}},"description_kind":"plain"}},"alicloud_cdn_service":{"version":0,"block":{"attributes":{"changing_affect_time":{"type":"string","description_kind":"plain","computed":true},"changing_charge_type":{"type":"string","description_kind":"plain","computed":true},"enable":{"type":"string","description_kind":"plain","optional":true},"id":{"type":"string","description_kind":"plain","optional":true,"computed":true},"internet_charge_type":{"type":"string","description_kind":"plain","optional":true},"opening_time":{"type":"string","description_kind":"plain","computed":true},"status":{"type":"string","description_kind":"plain","computed":true}},"description_kind":"plain"}},"alicloud_cen_bandwidth_limits":{"version":0,"block":{"attributes":{"id":{"type":"string","description_kind":"plain","optional":true,"computed":true},"instance_ids":{"type":["list","string"],"description_kind":"plain","optional":true},"limits":{"type":["list",["object",{"bandwidth_limit":"number","instance_id":"string","local_region_id":"string","opposite_region_id":"string","status":"string"}]],"description_kind":"plain","computed":true},"output_file":{"type":"string","description_kind":"plain","optional":true}},"description_kind":"plain"}},"alicloud_cen_bandwidth_packages":{"version":0,"block":{"attributes":{"id":{"type":"string","description_kind":"plain","optional":true,"computed":true},"ids":{"type":["list","string"],"description_kind":"plain","optional":true,"computed":true},"include_reservation_data":{"type":"bool","description_kind":"plain","optional":true},"instance_id":{"type":"string","description_kind":"plain","optional":true},"name_regex":{"type":"string","description_kind":"plain","optional":true},"names":{"type":["list","string"],"description_kind":"plain","computed":true},"output_file":{"type":"string","description_kind":"plain","optional":true},"packages":{"type":["list",["object",{"bandwidth":"number","bandwidth_package_charge_type":"string","business_status":"string","cen_bandwidth_package_id":"string","cen_bandwidth_package_name":"string","cen_ids":["list","string"],"description":"string","expired_time":"string","geographic_region_a_id":"string","geographic_region_b_id":"string","geographic_span_id":"string","has_reservation_data":"string","id":"string","instance_id":"string","is_cross_border":"bool","name":"string","payment_type":"string","reservation_active_time":"string","reservation_bandwidth":"string","reservation_internet_charge_type":"string","reservation_order_type":"string","status":"string"}]],"description_kind":"plain","computed":true},"status":{"type":"string","description_kind":"plain","optional":true}},"description_kind":"plain"}},"alicloud_cen_flowlogs":{"version":0,"block":{"attributes":{"cen_id":{"type":"string","description_kind":"plain","optional":true},"description":{"type":"string","description_kind":"plain","optional":true},"flowlogs":{"type":["list",["object",{"cen_id":"string","description":"string","flow_log_id":"string","flow_log_name":"string","id":"string","log_store_name":"string","project_name":"string","status":"string"}]],"description_kind":"plain","computed":true},"id":{"type":"string","description_kind":"plain","optional":true,"computed":true},"ids":{"type":["list","string"],"description_kind":"plain","optional":true,"computed":true},"log_store_name":{"type":"string","description_kind":"plain","optional":true},"name_regex":{"type":"string","description_kind":"plain","optional":true},"names":{"type":["list","string"],"description_kind":"plain","computed":true},"output_file":{"type":"string","description_kind":"plain","optional":true},"project_name":{"type":"string","description_kind":"plain","optional":true},"status":{"type":"string","description_kind":"plain","optional":true}},"description_kind":"plain"}},"alicloud_cen_instance_attachments":{"version":0,"block":{"attributes":{"attachments":{"type":["list",["object",{"child_instance_attach_time":"string","child_instance_id":"string","child_instance_owner_id":"number","child_instance_region_id":"string","child_instance_type":"string","id":"string","instance_id":"string","status":"string"}]],"description_kind":"plain","computed":true},"child_instance_region_id":{"type":"string","description_kind":"plain","optional":true},"child_instance_type":{"type":"string","description_kind":"plain","optional":true},"id":{"type":"string","description_kind":"plain","optional":true,"computed":true},"ids":{"type":["list","string"],"description_kind":"plain","computed":true},"instance_id":{"type":"string","description_kind":"plain","required":true},"output_file":{"type":"string","description_kind":"plain","optional":true},"status":{"type":"string","description_kind":"plain","optional":true}},"description_kind":"plain"}},"alicloud_cen_instances":{"version":0,"block":{"attributes":{"id":{"type":"string","description_kind":"plain","optional":true,"computed":true},"ids":{"type":["list","string"],"description_kind":"plain","optional":true,"computed":true},"instances":{"type":["list",["object",{"cen_bandwidth_package_ids":["list","string"],"cen_id":"string","cen_instance_name":"string","description":"string","id":"string","name":"string","protection_level":"string","status":"string","tags":["map","string"]}]],"description_kind":"plain","computed":true},"name_regex":{"type":"string","description_kind":"plain","optional":true},"names":{"type":["list","string"],"description_kind":"plain","computed":true},"output_file":{"type":"string","description_kind":"plain","optional":true},"status":{"type":"string","description_kind":"plain","optional":true},"tags":{"type":["map","string"],"description_kind":"plain","optional":true}},"description_kind":"plain"}},"alicloud_cen_private_zones":{"version":0,"block":{"attributes":{"cen_id":{"type":"string","description_kind":"plain","required":true},"host_region_id":{"type":"string","description_kind":"plain","optional":true},"id":{"type":"string","description_kind":"plain","optional":true,"computed":true},"ids":{"type":["list","string"],"description_kind":"plain","optional":true,"computed":true},"output_file":{"type":"string","description_kind":"plain","optional":true},"status":{"type":"string","description_kind":"plain","optional":true},"zones":{"type":["list",["object",{"access_region_id":"string","cen_id":"string","host_region_id":"string","host_vpc_id":"string","private_zone_dns_servers":"string","status":"string"}]],"description_kind":"plain","computed":true}},"description_kind":"plain"}},"alicloud_cen_region_route_entries":{"version":0,"block":{"attributes":{"entries":{"type":["list",["object",{"cidr_block":"string","next_hop_id":"string","next_hop_region_id":"string","next_hop_type":"string","type":"string"}]],"description_kind":"plain","computed":true},"id":{"type":"string","description_kind":"plain","optional":true,"computed":true},"instance_id":{"type":"string","description_kind":"plain","required":true},"output_file":{"type":"string","description_kind":"plain","optional":true},"region_id":{"type":"string","description_kind":"plain","required":true}},"description_kind":"plain"}},"alicloud_cen_route_entries":{"version":0,"block":{"attributes":{"cidr_block":{"type":"string","description_kind":"plain","optional":true},"entries":{"type":["list",["object",{"cidr_block":"string","conflicts":["list",["object",{"cidr_block":"string","instance_id":"string","instance_type":"string","region_id":"string","status":"string"}]],"next_hop_id":"string","next_hop_type":"string","operational_mode":"bool","publish_status":"string","route_table_id":"string","route_type":"string"}]],"description_kind":"plain","computed":true},"id":{"type":"string","description_kind":"plain","optional":true,"computed":true},"instance_id":{"type":"string","description_kind":"plain","required":true},"output_file":{"type":"string","description_kind":"plain","optional":true},"route_table_id":{"type":"string","description_kind":"plain","required":true}},"description_kind":"plain"}},"alicloud_cen_route_maps":{"version":0,"block":{"attributes":{"cen_id":{"type":"string","description_kind":"plain","required":true},"cen_region_id":{"type":"string","description_kind":"plain","optional":true},"description_regex":{"type":"string","description_kind":"plain","optional":true},"id":{"type":"string","description_kind":"plain","optional":true,"computed":true},"ids":{"type":["list","string"],"description_kind":"plain","optional":true,"computed":true},"maps":{"type":["list",["object",{"as_path_match_mode":"string","cen_id":"string","cen_region_id":"string","cidr_match_mode":"string","community_match_mode":"string","community_operate_mode":"string","description":"string","destination_child_instance_types":["list","string"],"destination_cidr_blocks":["list","string"],"destination_instance_ids":["list","string"],"destination_instance_ids_reverse_match":"bool","destination_route_table_ids":["list","string"],"id":"string","map_result":"string","match_asns":["list","string"],"match_community_set":["list","string"],"next_priority":"number","operate_community_set":["list","string"],"preference":"number","prepend_as_path":["list","string"],"priority":"number","route_map_id":"string","route_types":["list","string"],"source_child_instance_types":["list","string"],"source_instance_ids":["list","string"],"source_instance_ids_reverse_match":"bool","source_region_ids":["list","string"],"source_route_table_ids":["list","string"],"status":"string","transmit_direction":"string"}]],"description_kind":"plain","computed":true},"output_file":{"type":"string","description_kind":"plain","optional":true},"status":{"type":"string","description_kind":"plain","optional":true},"transmit_direction":{"type":"string","description_kind":"plain","optional":true}},"description_kind":"plain"}},"alicloud_cen_route_services":{"version":0,"block":{"attributes":{"access_region_id":{"type":"string","description_kind":"plain","optional":true},"cen_id":{"type":"string","description_kind":"plain","required":true},"host":{"type":"string","description_kind":"plain","optional":true},"host_region_id":{"type":"string","description_kind":"plain","optional":true},"host_vpc_id":{"type":"string","description_kind":"plain","optional":true},"id":{"type":"string","description_kind":"plain","optional":true,"computed":true},"ids":{"type":["list","string"],"description_kind":"plain","computed":true},"output_file":{"type":"string","description_kind":"plain","optional":true},"services":{"type":["list",["object",{"access_region_id":"string","cen_id":"string","cidrs":["list","string"],"description":"string","host":"string","host_region_id":"string","host_vpc_id":"string","id":"string","status":"string","update_interval":"string"}]],"description_kind":"plain","computed":true},"status":{"type":"string","description_kind":"plain","optional":true}},"description_kind":"plain"}},"alicloud_cen_transit_router_peer_attachments":{"version":0,"block":{"attributes":{"attachments":{"type":["list",["object",{"auto_publish_route_enabled":"bool","bandwidth":"number","cen_bandwidth_package_id":"string","geographic_span_id":"string","id":"string","peer_transit_router_id":"string","peer_transit_router_owner_id":"string","peer_transit_router_region_id":"string","resource_type":"string","status":"string","transit_router_attachment_description":"string","transit_router_attachment_id":"string","transit_router_attachment_name":"string","transit_router_id":"string"}]],"description_kind":"plain","computed":true},"cen_id":{"type":"string","description_kind":"plain","required":true},"id":{"type":"string","description_kind":"plain","optional":true,"computed":true},"ids":{"type":["list","string"],"description_kind":"plain","optional":true,"computed":true},"name_regex":{"type":"string","description_kind":"plain","optional":true},"names":{"type":["list","string"],"description_kind":"plain","computed":true},"output_file":{"type":"string","description_kind":"plain","optional":true},"status":{"type":"string","description_kind":"plain","optional":true},"transit_router_attachment_id":{"type":"string","description_kind":"plain","optional":true},"transit_router_id":{"type":"string","description_kind":"plain","optional":true}},"description_kind":"plain"}},"alicloud_cen_transit_router_route_entries":{"version":0,"block":{"attributes":{"entries":{"type":["list",["object",{"id":"string","status":"string","transit_router_route_entry_description":"string","transit_router_route_entry_destination_cidr_block":"string","transit_router_route_entry_id":"string","transit_router_route_entry_name":"string","transit_router_route_entry_next_hop_id":"string","transit_router_route_entry_next_hop_type":"string","transit_router_route_entry_type":"string"}]],"description_kind":"plain","computed":true},"id":{"type":"string","description_kind":"plain","optional":true,"computed":true},"ids":{"type":["list","string"],"description_kind":"plain","optional":true,"computed":true},"name_regex":{"type":"string","description_kind":"plain","optional":true},"names":{"type":["list","string"],"description_kind":"plain","computed":true},"output_file":{"type":"string","description_kind":"plain","optional":true},"status":{"type":"string","description_kind":"plain","optional":true},"transit_router_route_entry_ids":{"type":["list","string"],"description_kind":"plain","optional":true},"transit_router_route_entry_names":{"type":["list","string"],"description_kind":"plain","optional":true},"transit_router_route_entry_status":{"type":"string","description_kind":"plain","optional":true},"transit_router_route_table_id":{"type":"string","description_kind":"plain","required":true}},"description_kind":"plain"}},"alicloud_cen_transit_router_route_table_associations":{"version":0,"block":{"attributes":{"associations":{"type":["list",["object",{"id":"string","resource_id":"string","resource_type":"string","status":"string","transit_router_attachment_id":"string"}]],"description_kind":"plain","computed":true},"id":{"type":"string","description_kind":"plain","optional":true,"computed":true},"ids":{"type":["list","string"],"description_kind":"plain","optional":true,"computed":true},"output_file":{"type":"string","description_kind":"plain","optional":true},"status":{"type":"string","description_kind":"plain","optional":true},"transit_router_route_table_id":{"type":"string","description_kind":"plain","required":true}},"description_kind":"plain"}},"alicloud_cen_transit_router_route_table_propagations":{"version":0,"block":{"attributes":{"id":{"type":"string","description_kind":"plain","optional":true,"computed":true},"ids":{"type":["list","string"],"description_kind":"plain","optional":true,"computed":true},"output_file":{"type":"string","description_kind":"plain","optional":true},"propagations":{"type":["list",["object",{"id":"string","resource_id":"string","resource_type":"string","status":"string","transit_router_attachment_id":"string"}]],"description_kind":"plain","computed":true},"status":{"type":"string","description_kind":"plain","optional":true},"transit_router_route_table_id":{"type":"string","description_kind":"plain","required":true}},"description_kind":"plain"}},"alicloud_cen_transit_router_route_tables":{"version":0,"block":{"attributes":{"id":{"type":"string","description_kind":"plain","optional":true,"computed":true},"ids":{"type":["list","string"],"description_kind":"plain","optional":true,"computed":true},"name_regex":{"type":"string","description_kind":"plain","optional":true},"names":{"type":["list","string"],"description_kind":"plain","computed":true},"output_file":{"type":"string","description_kind":"plain","optional":true},"status":{"type":"string","description_kind":"plain","optional":true},"tables":{"type":["list",["object",{"id":"string","status":"string","transit_router_route_table_description":"string","transit_router_route_table_id":"string","transit_router_route_table_name":"string","transit_router_route_table_type":"string"}]],"description_kind":"plain","computed":true},"transit_router_id":{"type":"string","description_kind":"plain","required":true},"transit_router_route_table_ids":{"type":["list","string"],"description_kind":"plain","optional":true},"transit_router_route_table_names":{"type":["list","string"],"description_kind":"plain","optional":true},"transit_router_route_table_status":{"type":"string","description_kind":"plain","optional":true}},"description_kind":"plain"}},"alicloud_cen_transit_router_vbr_attachments":{"version":0,"block":{"attributes":{"attachments":{"type":["list",["object",{"auto_publish_route_enabled":"bool","id":"string","resource_type":"string","status":"string","transit_router_attachment_description":"string","transit_router_attachment_id":"string","transit_router_attachment_name":"string","vbr_id":"string","vbr_owner_id":"string"}]],"description_kind":"plain","computed":true},"cen_id":{"type":"string","description_kind":"plain","required":true},"id":{"type":"string","description_kind":"plain","optional":true,"computed":true},"ids":{"type":["list","string"],"description_kind":"plain","optional":true,"computed":true},"output_file":{"type":"string","description_kind":"plain","optional":true},"status":{"type":"string","description_kind":"plain","optional":true},"transit_router_id":{"type":"string","description_kind":"plain","optional":true}},"description_kind":"plain"}},"alicloud_cen_transit_router_vpc_attachments":{"version":0,"block":{"attributes":{"attachments":{"type":["list",["object",{"id":"string","resource_type":"string","status":"string","transit_router_attachment_description":"string","transit_router_attachment_id":"string","transit_router_attachment_name":"string","vpc_id":"string","vpc_owner_id":"string","zone_mappings":["list",["object",{"vswitch_id":"string","zone_id":"string"}]]}]],"description_kind":"plain","computed":true},"cen_id":{"type":"string","description_kind":"plain","required":true},"id":{"type":"string","description_kind":"plain","optional":true,"computed":true},"ids":{"type":["list","string"],"description_kind":"plain","optional":true,"computed":true},"output_file":{"type":"string","description_kind":"plain","optional":true},"status":{"type":"string","description_kind":"plain","optional":true},"transit_router_id":{"type":"string","description_kind":"plain","optional":true}},"description_kind":"plain"}},"alicloud_cen_transit_routers":{"version":0,"block":{"attributes":{"cen_id":{"type":"string","description_kind":"plain","required":true},"id":{"type":"string","description_kind":"plain","optional":true,"computed":true},"ids":{"type":["list","string"],"description_kind":"plain","computed":true},"name_regex":{"type":"string","description_kind":"plain","optional":true},"names":{"type":["list","string"],"description_kind":"plain","computed":true},"output_file":{"type":"string","description_kind":"plain","optional":true},"status":{"type":"string","description_kind":"plain","optional":true},"transit_router_id":{"type":"string","description_kind":"plain","required":true},"transit_router_ids":{"type":["list","string"],"description_kind":"plain","optional":true},"transit_routers":{"type":["list",["object",{"ali_uid":"string","cen_id":"string","id":"string","status":"string","transit_router_description":"string","transit_router_id":"string","transit_router_name":"string","type":"string","xgw_vip":"string"}]],"description_kind":"plain","computed":true}},"description_kind":"plain"}},"alicloud_cen_vbr_health_checks":{"version":0,"block":{"attributes":{"cen_id":{"type":"string","description_kind":"plain","optional":true},"checks":{"type":["list",["object",{"cen_id":"string","health_check_interval":"number","health_check_source_ip":"string","health_check_target_ip":"string","healthy_threshold":"number","id":"string","vbr_instance_id":"string","vbr_instance_region_id":"string"}]],"description_kind":"plain","computed":true},"id":{"type":"string","description_kind":"plain","optional":true,"computed":true},"ids":{"type":["list","string"],"description_kind":"plain","computed":true},"output_file":{"type":"string","description_kind":"plain","optional":true},"vbr_instance_id":{"type":"string","description_kind":"plain","optional":true},"vbr_instance_owner_id":{"type":"number","description_kind":"plain","optional":true},"vbr_instance_region_id":{"type":"string","description_kind":"plain","required":true}},"description_kind":"plain"}},"alicloud_cloud_connect_networks":{"version":0,"block":{"attributes":{"id":{"type":"string","description_kind":"plain","optional":true,"computed":true},"ids":{"type":["list","string"],"description_kind":"plain","optional":true,"computed":true},"name_regex":{"type":"string","description_kind":"plain","optional":true},"names":{"type":["list","string"],"description_kind":"plain","computed":true},"networks":{"type":["list",["object",{"cidr_block":"string","description":"string","id":"string","is_default":"bool","name":"string"}]],"description_kind":"plain","computed":true},"output_file":{"type":"string","description_kind":"plain","optional":true}},"description_kind":"plain"}},"alicloud_cloud_firewall_control_policies":{"version":0,"block":{"attributes":{"acl_action":{"type":"string","description_kind":"plain","optional":true},"acl_uuid":{"type":"string","description_kind":"plain","optional":true},"description":{"type":"string","description_kind":"plain","optional":true},"destination":{"type":"string","description_kind":"plain","optional":true},"direction":{"type":"string","description_kind":"plain","required":true},"id":{"type":"string","description_kind":"plain","optional":true,"computed":true},"ids":{"type":["list","string"],"description_kind":"plain","computed":true},"ip_version":{"type":"string","description_kind":"plain","optional":true},"lang":{"type":"string","description_kind":"plain","optional":true},"output_file":{"type":"string","description_kind":"plain","optional":true},"policies":{"type":["list",["object",{"acl_action":"string","acl_uuid":"string","application_id":"string","application_name":"string","description":"string","dest_port":"string","dest_port_group":"string","dest_port_group_ports":["list","string"],"dest_port_type":"string","destination":"string","destination_group_cidrs":["list","string"],"destination_group_type":"string","destination_type":"string","direction":"string","dns_result":"string","dns_result_time":"string","hit_times":"string","id":"string","order":"number","proto":"string","release":"bool","source":"string","source_group_cidrs":["list","string"],"source_group_type":"string","source_type":"string"}]],"description_kind":"plain","computed":true},"proto":{"type":"string","description_kind":"plain","optional":true},"source":{"type":"string","description_kind":"plain","optional":true},"source_ip":{"type":"string","description_kind":"plain","optional":true}},"description_kind":"plain"}},"alicloud_cloud_storage_gateway_service":{"version":0,"block":{"attributes":{"enable":{"type":"string","description_kind":"plain","optional":true},"id":{"type":"string","description_kind":"plain","optional":true,"computed":true},"status":{"type":"string","description_kind":"plain","computed":true}},"description_kind":"plain"}},"alicloud_cloud_storage_gateway_storage_bundles":{"version":0,"block":{"attributes":{"backend_bucket_region_id":{"type":"string","description_kind":"plain","required":true},"bundles":{"type":["list",["object",{"description":"string","id":"string","location":"string","storage_bundle_id":"string","storage_bundle_name":"string"}]],"description_kind":"plain","computed":true},"id":{"type":"string","description_kind":"plain","optional":true,"computed":true},"ids":{"type":["list","string"],"description_kind":"plain","optional":true,"computed":true},"name_regex":{"type":"string","description_kind":"plain","optional":true},"names":{"type":["list","string"],"description_kind":"plain","computed":true},"output_file":{"type":"string","description_kind":"plain","optional":true}},"description_kind":"plain"}},"alicloud_cms_alarm_contact_groups":{"version":0,"block":{"attributes":{"groups":{"type":["list",["object",{"alarm_contact_group_name":"string","contacts":["list","string"],"describe":"string","enable_subscribed":"bool","id":"string"}]],"description_kind":"plain","computed":true},"id":{"type":"string","description_kind":"plain","optional":true,"computed":true},"ids":{"type":["list","string"],"description_kind":"plain","optional":true,"computed":true},"name_regex":{"type":"string","description_kind":"plain","optional":true},"names":{"type":["list","string"],"description_kind":"plain","computed":true},"output_file":{"type":"string","description_kind":"plain","optional":true}},"description_kind":"plain"}},"alicloud_cms_alarm_contacts":{"version":0,"block":{"attributes":{"chanel_type":{"type":"string","description_kind":"plain","optional":true},"chanel_value":{"type":"string","description_kind":"plain","optional":true},"contacts":{"type":["list",["object",{"alarm_contact_name":"string","channels_aliim":"string","channels_ding_web_hook":"string","channels_mail":"string","channels_sms":"string","channels_state_aliim":"string","channels_state_ding_web_hook":"string","channels_state_mail":"string","channels_status_sms":"string","contact_groups":["list","string"],"describe":"string","id":"string","lang":"string"}]],"description_kind":"plain","computed":true},"id":{"type":"string","description_kind":"plain","optional":true,"computed":true},"ids":{"type":["list","string"],"description_kind":"plain","optional":true,"computed":true},"name_regex":{"type":"string","description_kind":"plain","optional":true},"names":{"type":["list","string"],"description_kind":"plain","computed":true},"output_file":{"type":"string","description_kind":"plain","optional":true}},"description_kind":"plain"}},"alicloud_cms_group_metric_rules":{"version":0,"block":{"attributes":{"dimensions":{"type":"string","description_kind":"plain","optional":true},"enable_state":{"type":"bool","description_kind":"plain","optional":true},"group_id":{"type":"string","description_kind":"plain","optional":true},"group_metric_rule_name":{"type":"string","description_kind":"plain","optional":true},"id":{"type":"string","description_kind":"plain","optional":true,"computed":true},"ids":{"type":["list","string"],"description_kind":"plain","optional":true,"computed":true},"metric_name":{"type":"string","description_kind":"plain","optional":true},"name_regex":{"type":"string","description_kind":"plain","optional":true},"names":{"type":["list","string"],"description_kind":"plain","computed":true},"namespace":{"type":"string","description_kind":"plain","optional":true},"output_file":{"type":"string","description_kind":"plain","optional":true},"rules":{"type":["list",["object",{"contact_groups":"string","dimensions":"string","effective_interval":"string","email_subject":"string","enable_state":"bool","escalations":["list",["object",{"critical":["list",["object",{"comparison_operator":"string","statistics":"string","threshold":"string","times":"number"}]],"info":["list",["object",{"comparison_operator":"string","statistics":"string","threshold":"string","times":"number"}]],"warn":["list",["object",{"comparison_operator":"string","statistics":"string","threshold":"string","times":"number"}]]}]],"group_id":"string","group_metric_rule_name":"string","id":"string","metric_name":"string","namespace":"string","no_effective_interval":"string","period":"number","resources":"string","rule_id":"string","silence_time":"number","source_type":"string","status":"string","webhook":"string"}]],"description_kind":"plain","computed":true},"status":{"type":"string","description_kind":"plain","optional":true}},"description_kind":"plain"}},"alicloud_cms_monitor_group_instances":{"version":0,"block":{"attributes":{"id":{"type":"string","description_kind":"plain","optional":true,"computed":true},"ids":{"type":["list","string"],"description_kind":"plain","required":true},"instances":{"type":["list",["object",{"instances":["list",["object",{"category":"string","instance_id":"string","instance_name":"string","region_id":"string"}]]}]],"description_kind":"plain","computed":true},"keyword":{"type":"string","description_kind":"plain","optional":true},"output_file":{"type":"string","description_kind":"plain","optional":true}},"description_kind":"plain"}},"alicloud_cms_monitor_group_instanceses":{"version":0,"block":{"attributes":{"id":{"type":"string","description_kind":"plain","optional":true,"computed":true},"ids":{"type":["list","string"],"description_kind":"plain","required":true},"instances":{"type":["list",["object",{"instances":["list",["object",{"category":"string","instance_id":"string","instance_name":"string","region_id":"string"}]]}]],"description_kind":"plain","computed":true},"keyword":{"type":"string","description_kind":"plain","optional":true},"output_file":{"type":"string","description_kind":"plain","optional":true}},"description_kind":"plain"}},"alicloud_cms_monitor_groups":{"version":0,"block":{"attributes":{"dynamic_tag_rule_id":{"type":"string","description_kind":"plain","optional":true},"groups":{"type":["list",["object",{"bind_url":"string","contact_groups":["list","string"],"dynamic_tag_rule_id":"string","gmt_create":"number","gmt_modified":"number","group_id":"string","id":"string","monitor_group_name":"string","service_id":"string","tags":["map","string"],"template_ids":["list","string"],"type":"string"}]],"description_kind":"plain","computed":true},"id":{"type":"string","description_kind":"plain","optional":true,"computed":true},"ids":{"type":["list","string"],"description_kind":"plain","optional":true,"computed":true},"include_template_history":{"type":"bool","description_kind":"plain","optional":true},"keyword":{"type":"string","description_kind":"plain","optional":true},"monitor_group_name":{"type":"string","description_kind":"plain","optional":true},"name_regex":{"type":"string","description_kind":"plain","optional":true},"names":{"type":["list","string"],"description_kind":"plain","computed":true},"output_file":{"type":"string","description_kind":"plain","optional":true},"select_contact_groups":{"type":"bool","description_kind":"plain","optional":true},"tags":{"type":["map","string"],"description_kind":"plain","optional":true},"type":{"type":"string","description_kind":"plain","optional":true}},"description_kind":"plain"}},"alicloud_cms_service":{"version":0,"block":{"attributes":{"enable":{"type":"string","description_kind":"plain","optional":true},"id":{"type":"string","description_kind":"plain","optional":true,"computed":true},"status":{"type":"string","description_kind":"plain","computed":true}},"description_kind":"plain"}},"alicloud_common_bandwidth_packages":{"version":0,"block":{"attributes":{"bandwidth_package_name":{"type":"string","description_kind":"plain","optional":true},"dry_run":{"type":"bool","description_kind":"plain","optional":true},"id":{"type":"string","description_kind":"plain","optional":true,"computed":true},"ids":{"type":["list","string"],"description_kind":"plain","optional":true,"computed":true},"include_reservation_data":{"type":"bool","description_kind":"plain","optional":true},"name_regex":{"type":"string","description_kind":"plain","optional":true},"names":{"type":["list","string"],"description_kind":"plain","computed":true},"output_file":{"type":"string","description_kind":"plain","optional":true},"packages":{"type":["list",["object",{"bandwidth":"string","bandwidth_package_id":"string","bandwidth_package_name":"string","business_status":"string","deletion_protection":"bool","description":"string","expired_time":"string","has_reservation_data":"bool","id":"string","internet_charge_type":"string","isp":"string","name":"string","payment_type":"string","public_ip_addresses":["list",["object",{"allocation_id":"string","bandwidth_package_ip_relation_status":"string","ip_address":"string"}]],"ratio":"number","reservation_active_time":"string","reservation_bandwidth":"string","reservation_internet_charge_type":"string","reservation_order_type":"string","resource_group_id":"string","service_managed":"number","status":"string"}]],"description_kind":"plain","computed":true},"resource_group_id":{"type":"string","description_kind":"plain","optional":true},"status":{"type":"string","description_kind":"plain","optional":true}},"description_kind":"plain"}},"alicloud_config_aggregate_compliance_packs":{"version":0,"block":{"attributes":{"aggregator_id":{"type":"string","description_kind":"plain","required":true},"enable_details":{"type":"bool","description_kind":"plain","optional":true},"id":{"type":"string","description_kind":"plain","optional":true,"computed":true},"ids":{"type":["list","string"],"description_kind":"plain","optional":true,"computed":true},"name_regex":{"type":"string","description_kind":"plain","optional":true},"names":{"type":["list","string"],"description_kind":"plain","computed":true},"output_file":{"type":"string","description_kind":"plain","optional":true},"packs":{"type":["list",["object",{"account_id":"string","aggregate_compliance_pack_name":"string","aggregator_compliance_pack_id":"string","compliance_pack_template_id":"string","config_rules":["list",["object",{"config_rule_id":"string","config_rule_parameters":["list",["object",{"parameter_name":"string","parameter_value":"string","required":"bool"}]],"managed_rule_identifier":"string"}]],"description":"string","id":"string","risk_level":"number","status":"string"}]],"description_kind":"plain","computed":true},"status":{"type":"string","description_kind":"plain","optional":true}},"description_kind":"plain"}},"alicloud_config_aggregate_config_rules":{"version":0,"block":{"attributes":{"aggregate_config_rule_name":{"type":"string","description_kind":"plain","optional":true},"aggregator_id":{"type":"string","description_kind":"plain","required":true},"enable_details":{"type":"bool","description_kind":"plain","optional":true},"id":{"type":"string","description_kind":"plain","optional":true,"computed":true},"ids":{"type":["list","string"],"description_kind":"plain","optional":true,"computed":true},"name_regex":{"type":"string","description_kind":"plain","optional":true},"names":{"type":["list","string"],"description_kind":"plain","computed":true},"output_file":{"type":"string","description_kind":"plain","optional":true},"risk_level":{"type":"number","description_kind":"plain","optional":true},"rules":{"type":["list",["object",{"account_id":"string","aggregate_config_rule_name":"string","compliance":["list",["object",{"compliance_type":"string","count":"number"}]],"compliance_pack_id":"string","config_rule_arn":"string","config_rule_id":"string","config_rule_trigger_types":"string","description":"string","event_source":"string","exclude_resource_ids_scope":"string","id":"string","input_parameters":["map","string"],"maximum_execution_frequency":"string","modified_timestamp":"string","region_ids_scope":"string","resource_group_ids_scope":"string","resource_types_scope":["list","string"],"risk_level":"number","source_identifier":"string","source_owner":"string","status":"string","tag_key_scope":"string","tag_value_scope":"string"}]],"description_kind":"plain","computed":true},"status":{"type":"string","description_kind":"plain","optional":true}},"description_kind":"plain"}},"alicloud_config_aggregators":{"version":0,"block":{"attributes":{"aggregators":{"type":["list",["object",{"account_id":"string","aggregator_accounts":["list",["object",{"account_id":"string","account_name":"string","account_type":"string"}]],"aggregator_id":"string","aggregator_name":"string","aggregator_type":"string","description":"string","id":"string","status":"string"}]],"description_kind":"plain","computed":true},"enable_details":{"type":"bool","description_kind":"plain","optional":true},"id":{"type":"string","description_kind":"plain","optional":true,"computed":true},"ids":{"type":["list","string"],"description_kind":"plain","optional":true,"computed":true},"name_regex":{"type":"string","description_kind":"plain","optional":true},"names":{"type":["list","string"],"description_kind":"plain","computed":true},"output_file":{"type":"string","description_kind":"plain","optional":true},"status":{"type":"string","description_kind":"plain","optional":true}},"description_kind":"plain"}},"alicloud_config_compliance_packs":{"version":0,"block":{"attributes":{"enable_details":{"type":"bool","description_kind":"plain","optional":true},"id":{"type":"string","description_kind":"plain","optional":true,"computed":true},"ids":{"type":["list","string"],"description_kind":"plain","optional":true,"computed":true},"name_regex":{"type":"string","description_kind":"plain","optional":true},"names":{"type":["list","string"],"description_kind":"plain","computed":true},"output_file":{"type":"string","description_kind":"plain","optional":true},"packs":{"type":["list",["object",{"account_id":"string","compliance_pack_id":"string","compliance_pack_name":"string","compliance_pack_template_id":"string","config_rules":["list",["object",{"config_rule_id":"string","config_rule_parameters":["list",["object",{"parameter_name":"string","parameter_value":"string","required":"bool"}]],"managed_rule_identifier":"string"}]],"description":"string","id":"string","risk_level":"number","status":"string"}]],"description_kind":"plain","computed":true},"status":{"type":"string","description_kind":"plain","optional":true}},"description_kind":"plain"}},"alicloud_config_configuration_recorders":{"version":0,"block":{"attributes":{"id":{"type":"string","description_kind":"plain","optional":true,"computed":true},"output_file":{"type":"string","description_kind":"plain","optional":true},"recorders":{"type":["list",["object",{"account_id":"string","id":"string","organization_enable_status":"string","organization_master_id":"number","resource_types":["list","string"],"status":"string"}]],"description_kind":"plain","computed":true}},"description_kind":"plain"}},"alicloud_config_delivery_channels":{"version":0,"block":{"attributes":{"channels":{"type":["list",["object",{"delivery_channel_assume_role_arn":"string","delivery_channel_condition":"string","delivery_channel_id":"string","delivery_channel_name":"string","delivery_channel_target_arn":"string","delivery_channel_type":"string","description":"string","id":"string","status":"number"}]],"description_kind":"plain","computed":true},"id":{"type":"string","description_kind":"plain","optional":true,"computed":true},"ids":{"type":["list","string"],"description_kind":"plain","optional":true,"computed":true},"name_regex":{"type":"string","description_kind":"plain","optional":true},"names":{"type":["list","string"],"description_kind":"plain","computed":true},"output_file":{"type":"string","description_kind":"plain","optional":true},"status":{"type":"number","description_kind":"plain","optional":true}},"description_kind":"plain"}},"alicloud_config_rules":{"version":0,"block":{"attributes":{"config_rule_state":{"type":"string","description_kind":"plain","optional":true},"enable_details":{"type":"bool","description_kind":"plain","optional":true},"id":{"type":"string","description_kind":"plain","optional":true,"computed":true},"ids":{"type":["list","string"],"description_kind":"plain","optional":true,"computed":true},"member_id":{"type":"number","description_kind":"plain","optional":true},"message_type":{"type":"string","description_kind":"plain","optional":true},"multi_account":{"type":"bool","description_kind":"plain","optional":true},"name_regex":{"type":"string","description_kind":"plain","optional":true},"names":{"type":["list","string"],"description_kind":"plain","computed":true},"output_file":{"type":"string","description_kind":"plain","optional":true},"risk_level":{"type":"number","description_kind":"plain","optional":true},"rule_name":{"type":"string","description_kind":"plain","optional":true},"rules":{"type":["list",["object",{"account_id":"string","compliance":["list",["object",{"compliance_type":"string","count":"number"}]],"compliance_pack_id":"string","config_rule_arn":"string","config_rule_id":"string","config_rule_state":"string","config_rule_trigger_types":"string","description":"string","event_source":"string","exclude_resource_ids_scope":"string","id":"string","input_parameters":["map","string"],"maximum_execution_frequency":"string","modified_timestamp":"string","region_ids_scope":"string","resource_group_ids_scope":"string","resource_types_scope":["list","string"],"risk_level":"number","rule_name":"string","scope_compliance_resource_types":["list","string"],"source_detail_message_type":"string","source_identifier":"string","source_maximum_execution_frequency":"string","source_owner":"string","status":"string","tag_key_scope":"string","tag_value_scope":"string"}]],"description_kind":"plain","computed":true},"status":{"type":"string","description_kind":"plain","optional":true}},"description_kind":"plain"}},"alicloud_cr_ee_instances":{"version":0,"block":{"attributes":{"id":{"type":"string","description_kind":"plain","optional":true,"computed":true},"ids":{"type":["list","string"],"description_kind":"plain","optional":true,"computed":true},"instances":{"type":["list",["object",{"id":"string","name":"string","namespace_quota":"string","namespace_usage":"string","public_endpoints":["list","string"],"region":"string","repo_quota":"string","repo_usage":"string","specification":"string","vpc_endpoints":["list","string"]}]],"description_kind":"plain","computed":true},"name_regex":{"type":"string","description_kind":"plain","optional":true},"names":{"type":["list","string"],"description_kind":"plain","computed":true},"output_file":{"type":"string","description_kind":"plain","optional":true}},"description_kind":"plain"}},"alicloud_cr_ee_namespaces":{"version":0,"block":{"attributes":{"id":{"type":"string","description_kind":"plain","optional":true,"computed":true},"ids":{"type":["list","string"],"description_kind":"plain","optional":true,"computed":true},"instance_id":{"type":"string","description_kind":"plain","required":true},"name_regex":{"type":"string","description_kind":"plain","optional":true},"names":{"type":["list","string"],"description_kind":"plain","computed":true},"namespaces":{"type":["list",["object",{"auto_create":"bool","default_visibility":"string","id":"string","instance_id":"string","name":"string"}]],"description_kind":"plain","computed":true},"output_file":{"type":"string","description_kind":"plain","optional":true}},"description_kind":"plain"}},"alicloud_cr_ee_repos":{"version":0,"block":{"attributes":{"enable_details":{"type":"bool","description_kind":"plain","optional":true},"id":{"type":"string","description_kind":"plain","optional":true,"computed":true},"ids":{"type":["list","string"],"description_kind":"plain","optional":true,"computed":true},"instance_id":{"type":"string","description_kind":"plain","required":true},"name_regex":{"type":"string","description_kind":"plain","optional":true},"names":{"type":["list","string"],"description_kind":"plain","computed":true},"namespace":{"type":"string","description_kind":"plain","optional":true},"output_file":{"type":"string","description_kind":"plain","optional":true},"repos":{"type":["list",["object",{"id":"string","instance_id":"string","name":"string","namespace":"string","repo_type":"string","summary":"string","tags":["list",["object",{"digest":"string","image_create":"string","image_id":"string","image_size":"number","image_update":"string","status":"string","tag":"string"}]]}]],"description_kind":"plain","computed":true}},"description_kind":"plain"}},"alicloud_cr_ee_sync_rules":{"version":0,"block":{"attributes":{"id":{"type":"string","description_kind":"plain","optional":true,"computed":true},"ids":{"type":["list","string"],"description_kind":"plain","optional":true,"computed":true},"instance_id":{"type":"string","description_kind":"plain","required":true},"name_regex":{"type":"string","description_kind":"plain","optional":true},"names":{"type":["list","string"],"description_kind":"plain","computed":true},"namespace_name":{"type":"string","description_kind":"plain","optional":true},"output_file":{"type":"string","description_kind":"plain","optional":true},"repo_name":{"type":"string","description_kind":"plain","optional":true},"rules":{"type":["list",["object",{"id":"string","instance_id":"string","name":"string","namespace_name":"string","region_id":"string","repo_name":"string","sync_direction":"string","sync_scope":"string","sync_trigger":"string","tag_filter":"string","target_instance_id":"string","target_namespace_name":"string","target_region_id":"string","target_repo_name":"string"}]],"description_kind":"plain","computed":true},"target_instance_id":{"type":"string","description_kind":"plain","optional":true}},"description_kind":"plain"}},"alicloud_cr_namespaces":{"version":0,"block":{"attributes":{"id":{"type":"string","description_kind":"plain","optional":true,"computed":true},"ids":{"type":["list","string"],"description_kind":"plain","computed":true},"name_regex":{"type":"string","description_kind":"plain","optional":true},"names":{"type":["list","string"],"description_kind":"plain","computed":true},"namespaces":{"type":["list",["object",{"auto_create":"bool","default_visibility":"string","name":"string"}]],"description_kind":"plain","computed":true},"output_file":{"type":"string","description_kind":"plain","optional":true}},"description_kind":"plain"}},"alicloud_cr_repos":{"version":0,"block":{"attributes":{"enable_details":{"type":"bool","description_kind":"plain","optional":true},"id":{"type":"string","description_kind":"plain","optional":true,"computed":true},"ids":{"type":["list","string"],"description_kind":"plain","computed":true},"name_regex":{"type":"string","description_kind":"plain","optional":true},"names":{"type":["list","string"],"description_kind":"plain","computed":true},"namespace":{"type":"string","description_kind":"plain","optional":true},"output_file":{"type":"string","description_kind":"plain","optional":true},"repos":{"type":["list",["object",{"domain_list":["map","string"],"name":"string","namespace":"string","repo_type":"string","summary":"string","tags":["list",["object",{"digest":"string","image_create":"number","image_id":"string","image_size":"number","image_update":"number","status":"string","tag":"string"}]]}]],"description_kind":"plain","computed":true}},"description_kind":"plain"}},"alicloud_cr_service":{"version":0,"block":{"attributes":{"enable":{"type":"string","description_kind":"plain","optional":true},"id":{"type":"string","description_kind":"plain","optional":true,"computed":true},"password":{"type":"string","description_kind":"plain","required":true},"status":{"type":"string","description_kind":"plain","computed":true}},"description_kind":"plain"}},"alicloud_cs_edge_kubernetes_clusters":{"version":0,"block":{"attributes":{"clusters":{"type":["list",["object",{"availability_zone":"string","connections":["map","string"],"id":"string","name":"string","nat_gateway_id":"string","security_group_id":"string","vpc_id":"string","worker_nodes":["list",["object",{"id":"string","name":"string","private_ip":"string"}]]}]],"description_kind":"plain","computed":true},"enable_details":{"type":"bool","description_kind":"plain","optional":true},"id":{"type":"string","description_kind":"plain","optional":true,"computed":true},"ids":{"type":["list","string"],"description_kind":"plain","optional":true,"computed":true},"name_regex":{"type":"string","description_kind":"plain","optional":true},"names":{"type":["list","string"],"description_kind":"plain","computed":true},"output_file":{"type":"string","description_kind":"plain","optional":true}},"description_kind":"plain"}},"alicloud_cs_kubernetes_clusters":{"version":0,"block":{"attributes":{"clusters":{"type":["list",["object",{"availability_zone":"string","cluster_network_type":"string","connections":["map","string"],"id":"string","image_id":"string","key_name":"string","log_config":["list",["object",{"project":"string","type":"string"}]],"master_auto_renew":"bool","master_auto_renew_period":"number","master_disk_category":"string","master_disk_size":"number","master_instance_charge_type":"string","master_instance_types":["list","string"],"master_nodes":["list",["object",{"id":"string","name":"string","private_ip":"string"}]],"master_period":"number","master_period_unit":"string","name":"string","nat_gateway_id":"string","node_cidr_mask":"number","pod_cidr":"string","security_group_id":"string","service_cidr":"string","slb_internet_enabled":"bool","vpc_id":"string","vswitch_ids":["list","string"],"worker_auto_renew":"bool","worker_auto_renew_period":"number","worker_data_disk_category":"string","worker_data_disk_size":"number","worker_disk_category":"string","worker_disk_size":"number","worker_instance_charge_type":"string","worker_instance_types":["list","string"],"worker_nodes":["list",["object",{"id":"string","name":"string","private_ip":"string"}]],"worker_numbers":["list","number"],"worker_period":"number","worker_period_unit":"string"}]],"description_kind":"plain","computed":true},"enable_details":{"type":"bool","description_kind":"plain","optional":true},"id":{"type":"string","description_kind":"plain","optional":true,"computed":true},"ids":{"type":["list","string"],"description_kind":"plain","optional":true,"computed":true},"name_regex":{"type":"string","description_kind":"plain","optional":true},"names":{"type":["list","string"],"description_kind":"plain","computed":true},"output_file":{"type":"string","description_kind":"plain","optional":true}},"description_kind":"plain"}},"alicloud_cs_kubernetes_permissions":{"version":0,"block":{"attributes":{"id":{"type":"string","description_kind":"plain","optional":true,"computed":true},"uid":{"type":"string","description_kind":"plain","required":true}},"block_types":{"permissions":{"nesting_mode":"list","block":{"attributes":{"is_owner":{"type":"bool","description_kind":"plain","optional":true},"is_ram_role":{"type":"bool","description_kind":"plain","optional":true},"resource_id":{"type":"string","description_kind":"plain","required":true},"resource_type":{"type":"string","description_kind":"plain","required":true},"role_name":{"type":"string","description_kind":"plain","required":true},"role_type":{"type":"string","description_kind":"plain","optional":true}},"description_kind":"plain"}}},"description_kind":"plain"}},"alicloud_cs_managed_kubernetes_clusters":{"version":0,"block":{"attributes":{"clusters":{"type":["list",["object",{"availability_zone":"string","cluster_network_type":"string","connections":["map","string"],"id":"string","image_id":"string","key_name":"string","log_config":["list",["object",{"project":"string","type":"string"}]],"name":"string","nat_gateway_id":"string","pod_cidr":"string","security_group_id":"string","service_cidr":"string","slb_internet_enabled":"bool","vpc_id":"string","vswitch_ids":["list","string"],"worker_auto_renew":"bool","worker_auto_renew_period":"number","worker_data_disk_category":"string","worker_data_disk_size":"number","worker_disk_category":"string","worker_disk_size":"number","worker_instance_charge_type":"string","worker_instance_types":["list","string"],"worker_nodes":["list",["object",{"id":"string","name":"string","private_ip":"string"}]],"worker_numbers":["list","number"],"worker_period":"number","worker_period_unit":"string"}]],"description_kind":"plain","computed":true},"enable_details":{"type":"bool","description_kind":"plain","optional":true},"id":{"type":"string","description_kind":"plain","optional":true,"computed":true},"ids":{"type":["list","string"],"description_kind":"plain","optional":true,"computed":true},"name_regex":{"type":"string","description_kind":"plain","optional":true},"names":{"type":["list","string"],"description_kind":"plain","computed":true},"output_file":{"type":"string","description_kind":"plain","optional":true}},"description_kind":"plain"}},"alicloud_cs_serverless_kubernetes_clusters":{"version":0,"block":{"attributes":{"clusters":{"type":["list",["object",{"connections":["map","string"],"deletion_protection":"bool","endpoint_public_access_enabled":"bool","id":"string","name":"string","nat_gateway_id":"string","security_group_id":"string","tags":["map","string"],"vpc_id":"string","vswitch_id":"string"}]],"description_kind":"plain","computed":true},"enable_details":{"type":"bool","description_kind":"plain","optional":true},"id":{"type":"string","description_kind":"plain","optional":true,"computed":true},"ids":{"type":["list","string"],"description_kind":"plain","optional":true,"computed":true},"name_regex":{"type":"string","description_kind":"plain","optional":true},"names":{"type":["list","string"],"description_kind":"plain","computed":true},"output_file":{"type":"string","description_kind":"plain","optional":true}},"description_kind":"plain"}},"alicloud_datahub_service":{"version":0,"block":{"attributes":{"enable":{"type":"string","description_kind":"plain","optional":true},"id":{"type":"string","description_kind":"plain","optional":true,"computed":true},"status":{"type":"string","description_kind":"plain","computed":true}},"description_kind":"plain"}},"alicloud_dataworks_service":{"version":0,"block":{"attributes":{"enable":{"type":"string","description_kind":"plain","optional":true},"id":{"type":"string","description_kind":"plain","optional":true,"computed":true},"status":{"type":"string","description_kind":"plain","computed":true}},"description_kind":"plain"}},"alicloud_db_instance_classes":{"version":0,"block":{"attributes":{"category":{"type":"string","description_kind":"plain","optional":true},"db_instance_class":{"type":"string","description_kind":"plain","optional":true},"engine":{"type":"string","description_kind":"plain","optional":true},"engine_version":{"type":"string","description_kind":"plain","optional":true},"id":{"type":"string","description_kind":"plain","optional":true,"computed":true},"ids":{"type":["list","string"],"description_kind":"plain","computed":true},"instance_charge_type":{"type":"string","description_kind":"plain","optional":true},"instance_classes":{"type":["list",["object",{"instance_class":"string","price":"string","storage_range":["map","string"],"zone_ids":["list",["object",{"id":"string","sub_zone_ids":["list","string"]}]]}]],"description_kind":"plain","computed":true},"multi_zone":{"type":"bool","description_kind":"plain","optional":true},"output_file":{"type":"string","description_kind":"plain","optional":true},"sorted_by":{"type":"string","description_kind":"plain","optional":true},"storage_type":{"type":"string","description_kind":"plain","optional":true},"zone_id":{"type":"string","description_kind":"plain","optional":true}},"description_kind":"plain"}},"alicloud_db_instance_engines":{"version":0,"block":{"attributes":{"engine":{"type":"string","description_kind":"plain","optional":true},"engine_version":{"type":"string","description_kind":"plain","optional":true},"id":{"type":"string","description_kind":"plain","optional":true,"computed":true},"instance_charge_type":{"type":"string","description_kind":"plain","optional":true},"instance_engines":{"type":["list",["object",{"category":"string","engine":"string","engine_version":"string","zone_ids":["list",["object",{"id":"string","sub_zone_ids":["list","string"]}]]}]],"description_kind":"plain","computed":true},"multi_zone":{"type":"bool","description_kind":"plain","optional":true},"output_file":{"type":"string","description_kind":"plain","optional":true},"zone_id":{"type":"string","description_kind":"plain","optional":true}},"description_kind":"plain"}},"alicloud_db_instances":{"version":0,"block":{"attributes":{"connection_mode":{"type":"string","description_kind":"plain","optional":true},"db_type":{"type":"string","description_kind":"plain","optional":true},"engine":{"type":"string","description_kind":"plain","optional":true},"id":{"type":"string","description_kind":"plain","optional":true,"computed":true},"ids":{"type":["list","string"],"description_kind":"plain","optional":true,"computed":true},"instances":{"type":["list",["object",{"acl":"string","availability_zone":"string","ca_type":"string","charge_type":"string","client_ca_cert":"string","client_ca_cert_expire_time":"string","client_cert_revocation_list":"string","connection_mode":"string","connection_string":"string","create_time":"string","creator":"string","db_instance_storage_type":"string","db_type":"string","delete_date":"string","description":"string","encryption_key":"string","encryption_key_status":"string","engine":"string","engine_version":"string","expire_time":"string","guard_instance_id":"string","id":"string","instance_storage":"number","instance_type":"string","key_usage":"string","last_modify_status":"string","master_instance_id":"string","master_zone":"string","material_expire_time":"string","modify_status_reason":"string","name":"string","net_type":"string","origin":"string","port":"string","readonly_instance_ids":["list","string"],"region_id":"string","replication_acl":"string","require_update":"string","require_update_item":"string","require_update_reason":"string","server_ca_url":"string","server_cert":"string","server_key":"string","ssl_create_time":"string","ssl_enabled":"string","ssl_expire_time":"string","status":"string","temp_instance_id":"string","vpc_id":"string","vswitch_id":"string","zone_id_slave_a":"string","zone_id_slave_b":"string"}]],"description_kind":"plain","computed":true},"name_regex":{"type":"string","description_kind":"plain","optional":true},"names":{"type":["list","string"],"description_kind":"plain","computed":true},"output_file":{"type":"string","description_kind":"plain","optional":true},"status":{"type":"string","description_kind":"plain","optional":true},"tags":{"type":["map","string"],"description_kind":"plain","optional":true},"vpc_id":{"type":"string","description_kind":"plain","optional":true},"vswitch_id":{"type":"string","description_kind":"plain","optional":true}},"description_kind":"plain"}},"alicloud_db_zones":{"version":0,"block":{"attributes":{"id":{"type":"string","description_kind":"plain","optional":true,"computed":true},"ids":{"type":["list","string"],"description_kind":"plain","computed":true},"instance_charge_type":{"type":"string","description_kind":"plain","optional":true},"multi":{"type":"bool","description_kind":"plain","optional":true},"output_file":{"type":"string","description_kind":"plain","optional":true},"zones":{"type":["list",["object",{"id":"string","multi_zone_ids":["list","string"]}]],"description_kind":"plain","computed":true}},"description_kind":"plain"}},"alicloud_dcdn_domains":{"version":0,"block":{"attributes":{"change_end_time":{"type":"string","description_kind":"plain","optional":true},"change_start_time":{"type":"string","description_kind":"plain","optional":true},"check_domain_show":{"type":"bool","description_kind":"plain","optional":true},"domain_search_type":{"type":"string","description_kind":"plain","optional":true},"domains":{"type":["list",["object",{"cert_name":"string","cname":"string","description":"string","domain_name":"string","gmt_modified":"string","id":"string","resource_group_id":"string","scope":"string","sources":["list",["object",{"content":"string","enabled":"string","port":"number","priority":"string","type":"string","weight":"string"}]],"ssl_protocol":"string","ssl_pub":"string","status":"string"}]],"description_kind":"plain","computed":true},"enable_details":{"type":"bool","description_kind":"plain","optional":true},"id":{"type":"string","description_kind":"plain","optional":true,"computed":true},"ids":{"type":["list","string"],"description_kind":"plain","optional":true,"computed":true},"name_regex":{"type":"string","description_kind":"plain","optional":true},"names":{"type":["list","string"],"description_kind":"plain","computed":true},"output_file":{"type":"string","description_kind":"plain","optional":true},"resource_group_id":{"type":"string","description_kind":"plain","optional":true},"security_token":{"type":"string","description_kind":"plain","optional":true},"status":{"type":"string","description_kind":"plain","optional":true}},"description_kind":"plain"}},"alicloud_dcdn_service":{"version":0,"block":{"attributes":{"enable":{"type":"string","description_kind":"plain","optional":true},"id":{"type":"string","description_kind":"plain","optional":true,"computed":true},"status":{"type":"string","description_kind":"plain","computed":true}},"description_kind":"plain"}},"alicloud_ddosbgp_instances":{"version":0,"block":{"attributes":{"id":{"type":"string","description_kind":"plain","optional":true,"computed":true},"ids":{"type":["list","string"],"description_kind":"plain","optional":true,"computed":true},"instances":{"type":["list",["object",{"bandwidth":"number","base_bandwidth":"number","id":"string","ip_count":"number","ip_type":"string","name":"string","region":"string","type":"string"}]],"description_kind":"plain","computed":true},"name_regex":{"type":"string","description_kind":"plain","optional":true},"names":{"type":["list","string"],"description_kind":"plain","computed":true},"output_file":{"type":"string","description_kind":"plain","optional":true}},"description_kind":"plain"}},"alicloud_ddoscoo_domain_resources":{"version":0,"block":{"attributes":{"id":{"type":"string","description_kind":"plain","optional":true,"computed":true},"ids":{"type":["list","string"],"description_kind":"plain","optional":true,"computed":true},"instance_ids":{"type":["list","string"],"description_kind":"plain","optional":true},"output_file":{"type":"string","description_kind":"plain","optional":true},"query_domain_pattern":{"type":"string","description_kind":"plain","optional":true},"resources":{"type":["list",["object",{"black_list":["list","string"],"cc_enabled":"bool","cc_rule_enabled":"bool","cc_template":"string","cert_name":"string","domain":"string","http2_enable":"bool","https_ext":"string","id":"string","instance_ids":["list","string"],"policy_mode":"string","proxy_enabled":"bool","proxy_types":["list",["object",{"proxy_ports":["list","number"],"proxy_type":"string"}]],"real_servers":["list","string"],"rs_type":"number","ssl_ciphers":"string","ssl_protocols":"string","white_list":["list","string"]}]],"description_kind":"plain","computed":true}},"description_kind":"plain"}},"alicloud_ddoscoo_instances":{"version":0,"block":{"attributes":{"id":{"type":"string","description_kind":"plain","optional":true,"computed":true},"ids":{"type":["list","string"],"description_kind":"plain","optional":true,"computed":true},"instances":{"type":["list",["object",{"bandwidth":"number","base_bandwidth":"number","domain_count":"number","id":"string","name":"string","port_count":"number","service_bandwidth":"number"}]],"description_kind":"plain","computed":true},"name_regex":{"type":"string","description_kind":"plain","optional":true},"names":{"type":["list","string"],"description_kind":"plain","computed":true},"output_file":{"type":"string","description_kind":"plain","optional":true}},"description_kind":"plain"}},"alicloud_ddoscoo_ports":{"version":0,"block":{"attributes":{"frontend_port":{"type":"string","description_kind":"plain","optional":true},"frontend_protocol":{"type":"string","description_kind":"plain","optional":true},"id":{"type":"string","description_kind":"plain","optional":true,"computed":true},"ids":{"type":["list","string"],"description_kind":"plain","optional":true,"computed":true},"instance_id":{"type":"string","description_kind":"plain","required":true},"output_file":{"type":"string","description_kind":"plain","optional":true},"ports":{"type":["list",["object",{"backend_port":"string","frontend_port":"string","frontend_protocol":"string","id":"string","instance_id":"string","real_servers":["list","string"]}]],"description_kind":"plain","computed":true}},"description_kind":"plain"}},"alicloud_direct_mail_receiverses":{"version":0,"block":{"attributes":{"id":{"type":"string","description_kind":"plain","optional":true,"computed":true},"ids":{"type":["list","string"],"description_kind":"plain","optional":true,"computed":true},"key_word":{"type":"string","description_kind":"plain","optional":true},"name_regex":{"type":"string","description_kind":"plain","optional":true},"names":{"type":["list","string"],"description_kind":"plain","computed":true},"output_file":{"type":"string","description_kind":"plain","optional":true},"receiverses":{"type":["list",["object",{"create_time":"string","description":"string","id":"string","receivers_alias":"string","receivers_id":"string","receivers_name":"string","status":"number"}]],"description_kind":"plain","computed":true},"status":{"type":"number","description_kind":"plain","optional":true}},"description_kind":"plain"}},"alicloud_disks":{"version":0,"block":{"attributes":{"additional_attributes":{"type":["list","string"],"description_kind":"plain","optional":true},"auto_snapshot_policy_id":{"type":"string","description_kind":"plain","optional":true},"availability_zone":{"type":"string","description_kind":"plain","optional":true},"category":{"type":"string","description_kind":"plain","optional":true},"delete_auto_snapshot":{"type":"bool","description_kind":"plain","optional":true},"delete_with_instance":{"type":"bool","description_kind":"plain","optional":true},"disk_name":{"type":"string","description_kind":"plain","optional":true},"disk_type":{"type":"string","description_kind":"plain","optional":true},"disks":{"type":["list",["object",{"attached_time":"string","auto_snapshot_policy_id":"string","availability_zone":"string","category":"string","creation_time":"string","delete_auto_snapshot":"bool","delete_with_instance":"bool","description":"string","detached_time":"string","device":"string","disk_id":"string","disk_name":"string","disk_type":"string","enable_auto_snapshot":"bool","enable_automated_snapshot_policy":"bool","encrypted":"string","expired_time":"string","id":"string","image_id":"string","instance_id":"string","iops":"number","iops_read":"number","iops_write":"number","kms_key_id":"string","mount_instance_num":"number","mount_instances":["list",["object",{"attached_time":"string","device":"string","instance_id":"string"}]],"name":"string","operation_locks":["list",["object",{"lock_reason":"string"}]],"payment_type":"string","performance_level":"string","portable":"bool","product_code":"string","region_id":"string","resource_group_id":"string","size":"number","snapshot_id":"string","status":"string","tags":["map","string"],"type":"string","zone_id":"string"}]],"description_kind":"plain","computed":true},"dry_run":{"type":"bool","description_kind":"plain","optional":true},"enable_auto_snapshot":{"type":"bool","description_kind":"plain","optional":true},"enable_automated_snapshot_policy":{"type":"bool","description_kind":"plain","optional":true},"enable_shared":{"type":"bool","description_kind":"plain","optional":true},"encrypted":{"type":"string","description_kind":"plain","optional":true},"id":{"type":"string","description_kind":"plain","optional":true,"computed":true},"ids":{"type":["list","string"],"description_kind":"plain","optional":true,"computed":true},"instance_id":{"type":"string","description_kind":"plain","optional":true},"kms_key_id":{"type":"string","description_kind":"plain","optional":true},"name_regex":{"type":"string","description_kind":"plain","optional":true},"names":{"type":["list","string"],"description_kind":"plain","computed":true},"output_file":{"type":"string","description_kind":"plain","optional":true},"payment_type":{"type":"string","description_kind":"plain","optional":true},"portable":{"type":"bool","description_kind":"plain","optional":true},"resource_group_id":{"type":"string","description_kind":"plain","optional":true},"snapshot_id":{"type":"string","description_kind":"plain","optional":true},"status":{"type":"string","description_kind":"plain","optional":true},"tags":{"type":["map","string"],"description_kind":"plain","optional":true},"type":{"type":"string","description_kind":"plain","optional":true},"zone_id":{"type":"string","description_kind":"plain","optional":true}},"block_types":{"operation_locks":{"nesting_mode":"list","block":{"attributes":{"lock_reason":{"type":"string","description_kind":"plain","optional":true}},"description_kind":"plain"}}},"description_kind":"plain"}},"alicloud_dms_enterprise_instances":{"version":0,"block":{"attributes":{"env_type":{"type":"string","description_kind":"plain","optional":true},"id":{"type":"string","description_kind":"plain","optional":true,"computed":true},"ids":{"type":["list","string"],"description_kind":"plain","computed":true},"instance_alias_regex":{"type":"string","description_kind":"plain","optional":true},"instance_source":{"type":"string","description_kind":"plain","optional":true},"instance_type":{"type":"string","description_kind":"plain","optional":true},"instances":{"type":["list",["object",{"data_link_name":"string","database_password":"string","database_user":"string","dba_id":"string","dba_nick_name":"string","ddl_online":"number","ecs_instance_id":"string","ecs_region":"string","env_type":"string","export_timeout":"number","host":"string","id":"string","instance_alias":"string","instance_id":"string","instance_name":"string","instance_source":"string","instance_type":"string","port":"number","query_timeout":"number","safe_rule_id":"string","sid":"string","status":"string","use_dsql":"number","vpc_id":"string"}]],"description_kind":"plain","computed":true},"name_regex":{"type":"string","description_kind":"plain","optional":true},"names":{"type":["list","string"],"description_kind":"plain","computed":true},"net_type":{"type":"string","description_kind":"plain","optional":true},"output_file":{"type":"string","description_kind":"plain","optional":true},"search_key":{"type":"string","description_kind":"plain","optional":true},"status":{"type":"string","description_kind":"plain","optional":true},"tid":{"type":"number","description_kind":"plain","optional":true}},"description_kind":"plain"}},"alicloud_dms_enterprise_users":{"version":0,"block":{"attributes":{"id":{"type":"string","description_kind":"plain","optional":true,"computed":true},"ids":{"type":["list","string"],"description_kind":"plain","optional":true,"computed":true},"name_regex":{"type":"string","description_kind":"plain","optional":true},"names":{"type":["list","string"],"description_kind":"plain","computed":true},"output_file":{"type":"string","description_kind":"plain","optional":true},"role":{"type":"string","description_kind":"plain","optional":true},"search_key":{"type":"string","description_kind":"plain","optional":true},"status":{"type":"string","description_kind":"plain","optional":true},"tid":{"type":"number","description_kind":"plain","optional":true},"users":{"type":["list",["object",{"id":"string","mobile":"string","nick_name":"string","parent_uid":"number","role_ids":["list","number"],"role_names":["list","string"],"status":"string","uid":"string","user_id":"string","user_name":"string"}]],"description_kind":"plain","computed":true}},"description_kind":"plain"}},"alicloud_dns_domain_groups":{"version":0,"block":{"attributes":{"groups":{"type":["list",["object",{"group_id":"string","group_name":"string"}]],"description_kind":"plain","computed":true},"id":{"type":"string","description_kind":"plain","optional":true,"computed":true},"ids":{"type":["list","string"],"description_kind":"plain","optional":true,"computed":true},"name_regex":{"type":"string","description_kind":"plain","optional":true},"names":{"type":["list","string"],"description_kind":"plain","computed":true},"output_file":{"type":"string","description_kind":"plain","optional":true}},"description_kind":"plain"}},"alicloud_dns_domain_records":{"version":0,"block":{"attributes":{"domain_name":{"type":"string","description_kind":"plain","required":true},"host_record_regex":{"type":"string","description_kind":"plain","optional":true},"id":{"type":"string","description_kind":"plain","optional":true,"computed":true},"ids":{"type":["list","string"],"description_kind":"plain","optional":true,"computed":true},"is_locked":{"type":"bool","description_kind":"plain","optional":true},"line":{"type":"string","description_kind":"plain","optional":true},"output_file":{"type":"string","description_kind":"plain","optional":true},"records":{"type":["list",["object",{"domain_name":"string","host_record":"string","line":"string","locked":"bool","priority":"number","record_id":"string","status":"string","ttl":"number","type":"string","value":"string"}]],"description_kind":"plain","computed":true},"status":{"type":"string","description_kind":"plain","optional":true},"type":{"type":"string","description_kind":"plain","optional":true},"urls":{"type":["list","string"],"description_kind":"plain","computed":true},"value_regex":{"type":"string","description_kind":"plain","optional":true}},"description_kind":"plain"}},"alicloud_dns_domain_txt_guid":{"version":0,"block":{"attributes":{"domain_name":{"type":"string","description_kind":"plain","required":true},"id":{"type":"string","description_kind":"plain","optional":true,"computed":true},"lang":{"type":"string","description_kind":"plain","optional":true},"output_file":{"type":"string","description_kind":"plain","optional":true},"rr":{"type":"string","description_kind":"plain","computed":true},"type":{"type":"string","description_kind":"plain","required":true},"value":{"type":"string","description_kind":"plain","computed":true}},"description_kind":"plain"}},"alicloud_dns_domains":{"version":0,"block":{"attributes":{"ali_domain":{"type":"bool","description_kind":"plain","optional":true},"domain_name_regex":{"type":"string","description_kind":"plain","optional":true},"domains":{"type":["list",["object",{"ali_domain":"bool","available_ttls":["list","number"],"dns_servers":["list","string"],"domain_id":"string","domain_name":"string","group_id":"string","group_name":"string","id":"string","in_black_hole":"bool","in_clean":"bool","instance_id":"string","line_type":"string","min_ttl":"number","puny_code":"string","record_line_tree_json":"string","record_lines":["list",["object",{"father_code":"string","line_code":"string","line_display_name":"string","line_name":"string"}]],"region_lines":"bool","remark":"string","resource_group_id":"string","slave_dns":"bool","tags":["map","string"],"version_code":"string","version_name":"string"}]],"description_kind":"plain","computed":true},"enable_details":{"type":"bool","description_kind":"plain","optional":true},"group_id":{"type":"string","description_kind":"plain","optional":true},"group_name_regex":{"type":"string","description_kind":"plain","optional":true},"id":{"type":"string","description_kind":"plain","optional":true,"computed":true},"ids":{"type":["list","string"],"description_kind":"plain","optional":true,"computed":true},"instance_id":{"type":"string","description_kind":"plain","optional":true},"key_word":{"type":"string","description_kind":"plain","optional":true},"lang":{"type":"string","description_kind":"plain","optional":true},"names":{"type":["list","string"],"description_kind":"plain","computed":true},"output_file":{"type":"string","description_kind":"plain","optional":true},"resource_group_id":{"type":"string","description_kind":"plain","optional":true},"search_mode":{"type":"string","description_kind":"plain","optional":true},"starmark":{"type":"bool","description_kind":"plain","optional":true},"tags":{"type":["map","string"],"description_kind":"plain","optional":true},"version_code":{"type":"string","description_kind":"plain","optional":true}},"description_kind":"plain"}},"alicloud_dns_groups":{"version":0,"block":{"attributes":{"groups":{"type":["list",["object",{"group_id":"string","group_name":"string"}]],"description_kind":"plain","computed":true},"id":{"type":"string","description_kind":"plain","optional":true,"computed":true},"ids":{"type":["list","string"],"description_kind":"plain","optional":true,"computed":true},"name_regex":{"type":"string","description_kind":"plain","optional":true},"names":{"type":["list","string"],"description_kind":"plain","computed":true},"output_file":{"type":"string","description_kind":"plain","optional":true}},"description_kind":"plain"}},"alicloud_dns_instances":{"version":0,"block":{"attributes":{"domain_type":{"type":"string","description_kind":"plain","optional":true},"id":{"type":"string","description_kind":"plain","optional":true,"computed":true},"ids":{"type":["list","string"],"description_kind":"plain","optional":true,"computed":true},"instances":{"type":["list",["object",{"dns_security":"string","domain":"string","domain_numbers":"string","id":"string","instance_id":"string","payment_type":"string","version_code":"string","version_name":"string"}]],"description_kind":"plain","computed":true},"lang":{"type":"string","description_kind":"plain","optional":true},"output_file":{"type":"string","description_kind":"plain","optional":true},"user_client_ip":{"type":"string","description_kind":"plain","optional":true}},"description_kind":"plain"}},"alicloud_dns_records":{"version":0,"block":{"attributes":{"domain_name":{"type":"string","description_kind":"plain","required":true},"host_record_regex":{"type":"string","description_kind":"plain","optional":true},"id":{"type":"string","description_kind":"plain","optional":true,"computed":true},"ids":{"type":["list","string"],"description_kind":"plain","optional":true,"computed":true},"is_locked":{"type":"bool","description_kind":"plain","optional":true},"line":{"type":"string","description_kind":"plain","optional":true},"output_file":{"type":"string","description_kind":"plain","optional":true},"records":{"type":["list",["object",{"domain_name":"string","host_record":"string","line":"string","locked":"bool","priority":"number","record_id":"string","status":"string","ttl":"number","type":"string","value":"string"}]],"description_kind":"plain","computed":true},"status":{"type":"string","description_kind":"plain","optional":true},"type":{"type":"string","description_kind":"plain","optional":true},"urls":{"type":["list","string"],"description_kind":"plain","computed":true},"value_regex":{"type":"string","description_kind":"plain","optional":true}},"description_kind":"plain"}},"alicloud_dns_resolution_lines":{"version":0,"block":{"attributes":{"domain_name":{"type":"string","description_kind":"plain","optional":true},"id":{"type":"string","description_kind":"plain","optional":true,"computed":true},"lang":{"type":"string","description_kind":"plain","optional":true},"line_codes":{"type":["list","string"],"description_kind":"plain","optional":true,"computed":true},"line_display_names":{"type":["list","string"],"description_kind":"plain","optional":true,"computed":true},"line_names":{"type":["list","string"],"description_kind":"plain","optional":true},"lines":{"type":["list",["object",{"line_code":"string","line_display_name":"string","line_name":"string"}]],"description_kind":"plain","computed":true},"output_file":{"type":"string","description_kind":"plain","optional":true},"user_client_ip":{"type":"string","description_kind":"plain","optional":true}},"description_kind":"plain"}},"alicloud_drds_instances":{"version":0,"block":{"attributes":{"description_regex":{"type":"string","description_kind":"plain","optional":true},"descriptions":{"type":["list","string"],"description_kind":"plain","computed":true},"id":{"type":"string","description_kind":"plain","optional":true,"computed":true},"ids":{"type":["list","string"],"description_kind":"plain","optional":true,"computed":true},"instances":{"type":["list",["object",{"create_time":"number","description":"string","id":"string","network_type":"string","status":"string","type":"string","version":"number","zone_id":"string"}]],"description_kind":"plain","computed":true},"name_regex":{"type":"string","description_kind":"plain","optional":true},"output_file":{"type":"string","description_kind":"plain","optional":true}},"description_kind":"plain"}},"alicloud_ecd_policy_groups":{"version":0,"block":{"attributes":{"groups":{"type":["list",["object",{"authorize_access_policy_rules":["list",["object",{"cidr_ip":"string","description":"string"}]],"authorize_security_policy_rules":["list",["object",{"cidr_ip":"string","description":"string","ip_protocol":"string","policy":"string","port_range":"string","priority":"string","type":"string"}]],"clipboard":"string","domain_list":"string","eds_count":"number","html_access":"string","html_file_transfer":"string","id":"string","local_drive":"string","policy_group_id":"string","policy_group_name":"string","policy_group_type":"string","status":"string","usb_redirect":"string","visual_quality":"string","watermark":"string","watermark_transparency":"string","watermark_type":"string"}]],"description_kind":"plain","computed":true},"id":{"type":"string","description_kind":"plain","optional":true,"computed":true},"ids":{"type":["list","string"],"description_kind":"plain","optional":true,"computed":true},"name_regex":{"type":"string","description_kind":"plain","optional":true},"names":{"type":["list","string"],"description_kind":"plain","computed":true},"output_file":{"type":"string","description_kind":"plain","optional":true},"status":{"type":"string","description_kind":"plain","optional":true}},"description_kind":"plain"}},"alicloud_eci_container_groups":{"version":0,"block":{"attributes":{"container_group_name":{"type":"string","description_kind":"plain","optional":true},"enable_details":{"type":"bool","description_kind":"plain","optional":true},"groups":{"type":["list",["object",{"container_group_id":"string","container_group_name":"string","containers":["list",["object",{"args":["list","string"],"commands":["list","string"],"cpu":"number","environment_vars":["list",["object",{"key":"string","value":"string"}]],"gpu":"number","image":"string","image_pull_policy":"string","memory":"number","name":"string","ports":["list",["object",{"port":"number","protocol":"string"}]],"ready":"bool","restart_count":"number","volume_mounts":["list",["object",{"mount_path":"string","name":"string","read_only":"bool"}]],"working_dir":"string"}]],"cpu":"number","discount":"number","dns_config":["list",["object",{"name_servers":["list","string"],"options":["list",["object",{"name":"string","value":"string"}]],"searches":["list","string"]}]],"eci_security_context":["list",["object",{"sysctls":["list",["object",{"name":"string","value":"string"}]]}]],"eni_instance_id":"string","events":["list",["object",{"count":"number","first_timestamp":"string","last_timestamp":"string","message":"string","name":"string","reason":"string","type":"string"}]],"expired_time":"string","failed_time":"string","host_aliases":["list",["object",{"hostnames":["list","string"],"ip":"string"}]],"id":"string","init_containers":["list",["object",{"args":["list","string"],"commands":["list","string"],"cpu":"number","environment_vars":["list",["object",{"key":"string","value":"string"}]],"gpu":"number","image":"string","image_pull_policy":"string","memory":"number","name":"string","ports":["list",["object",{"port":"number","protocol":"string"}]],"ready":"bool","restart_count":"number","volume_mounts":["list",["object",{"mount_path":"string","name":"string","read_only":"bool"}]],"working_dir":"string"}]],"instance_type":"string","internet_ip":"string","intranet_ip":"string","ipv6_address":"string","memory":"number","ram_role_name":"string","resource_group_id":"string","restart_policy":"string","security_group_id":"string","status":"string","succeeded_time":"string","tags":["map","string"],"volumes":["list",["object",{"config_file_volume_config_file_to_paths":["list",["object",{"content":"string","path":"string"}]],"disk_volume_disk_id":"string","disk_volume_fs_type":"string","flex_volume_driver":"string","flex_volume_fs_type":"string","flex_volume_options":"string","name":"string","nfs_volume_path":"string","nfs_volume_read_only":"bool","nfs_volume_server":"string","type":"string"}]],"vpc_id":"string","vswitch_id":"string","zone_id":"string"}]],"description_kind":"plain","computed":true},"id":{"type":"string","description_kind":"plain","optional":true,"computed":true},"ids":{"type":["list","string"],"description_kind":"plain","optional":true,"computed":true},"limit":{"type":"number","description_kind":"plain","optional":true},"name_regex":{"type":"string","description_kind":"plain","optional":true},"names":{"type":["list","string"],"description_kind":"plain","computed":true},"output_file":{"type":"string","description_kind":"plain","optional":true},"resource_group_id":{"type":"string","description_kind":"plain","optional":true},"status":{"type":"string","description_kind":"plain","optional":true},"tags":{"type":["map","string"],"description_kind":"plain","optional":true},"vswitch_id":{"type":"string","description_kind":"plain","optional":true},"with_event":{"type":"bool","description_kind":"plain","optional":true},"zone_id":{"type":"string","description_kind":"plain","optional":true}},"description_kind":"plain"}},"alicloud_eci_image_caches":{"version":0,"block":{"attributes":{"caches":{"type":["list",["object",{"container_group_id":"string","events":["list",["object",{"count":"number","first_timestamp":"string","last_timestamp":"string","message":"string","name":"string","type":"string"}]],"expire_date_time":"string","id":"string","image_cache_id":"string","image_cache_name":"string","images":["list","string"],"progress":"string","snapshot_id":"string","status":"string"}]],"description_kind":"plain","computed":true},"id":{"type":"string","description_kind":"plain","optional":true,"computed":true},"ids":{"type":["list","string"],"description_kind":"plain","optional":true,"computed":true},"image":{"type":"string","description_kind":"plain","optional":true},"image_cache_name":{"type":"string","description_kind":"plain","optional":true},"name_regex":{"type":"string","description_kind":"plain","optional":true},"names":{"type":["list","string"],"description_kind":"plain","computed":true},"output_file":{"type":"string","description_kind":"plain","optional":true},"snapshot_id":{"type":"string","description_kind":"plain","optional":true},"status":{"type":"string","description_kind":"plain","optional":true}},"description_kind":"plain"}},"alicloud_ecp_key_pairs":{"version":0,"block":{"attributes":{"id":{"type":"string","description_kind":"plain","optional":true,"computed":true},"ids":{"type":["list","string"],"description_kind":"plain","optional":true,"computed":true},"key_pair_finger_print":{"type":"string","description_kind":"plain","optional":true},"name_regex":{"type":"string","description_kind":"plain","optional":true},"names":{"type":["list","string"],"description_kind":"plain","computed":true},"output_file":{"type":"string","description_kind":"plain","optional":true},"pairs":{"type":["list",["object",{"id":"string","key_pair_finger_print":"string","key_pair_name":"string"}]],"description_kind":"plain","computed":true}},"description_kind":"plain"}},"alicloud_ecs_auto_snapshot_policies":{"version":0,"block":{"attributes":{"id":{"type":"string","description_kind":"plain","optional":true,"computed":true},"ids":{"type":["list","string"],"description_kind":"plain","optional":true,"computed":true},"name_regex":{"type":"string","description_kind":"plain","optional":true},"names":{"type":["list","string"],"description_kind":"plain","computed":true},"output_file":{"type":"string","description_kind":"plain","optional":true},"policies":{"type":["list",["object",{"auto_snapshot_policy_id":"string","copied_snapshots_retention_days":"number","disk_nums":"number","enable_cross_region_copy":"bool","id":"string","name":"string","repeat_weekdays":["list","string"],"retention_days":"number","status":"string","tags":["map","string"],"target_copy_regions":["list","string"],"time_points":["list","string"],"volume_nums":"number"}]],"description_kind":"plain","computed":true},"status":{"type":"string","description_kind":"plain","optional":true},"tags":{"type":["map","string"],"description_kind":"plain","optional":true}},"description_kind":"plain"}},"alicloud_ecs_commands":{"version":0,"block":{"attributes":{"command_provider":{"type":"string","description_kind":"plain","optional":true},"commands":{"type":["list",["object",{"command_content":"string","command_id":"string","description":"string","enable_parameter":"bool","id":"string","name":"string","parameter_names":["list","string"],"timeout":"number","type":"string","working_dir":"string"}]],"description_kind":"plain","computed":true},"content_encoding":{"type":"string","description_kind":"plain","optional":true},"description":{"type":"string","description_kind":"plain","optional":true},"id":{"type":"string","description_kind":"plain","optional":true,"computed":true},"ids":{"type":["list","string"],"description_kind":"plain","optional":true,"computed":true},"name":{"type":"string","description_kind":"plain","optional":true},"name_regex":{"type":"string","description_kind":"plain","optional":true},"names":{"type":["list","string"],"description_kind":"plain","computed":true},"output_file":{"type":"string","description_kind":"plain","optional":true},"type":{"type":"string","description_kind":"plain","optional":true}},"description_kind":"plain"}},"alicloud_ecs_dedicated_hosts":{"version":0,"block":{"attributes":{"dedicated_host_id":{"type":"string","description_kind":"plain","optional":true},"dedicated_host_name":{"type":"string","description_kind":"plain","optional":true},"dedicated_host_type":{"type":"string","description_kind":"plain","optional":true},"hosts":{"type":["list",["object",{"action_on_maintenance":"string","auto_placement":"string","auto_release_time":"string","capacity":["list",["object",{"available_local_storage":"number","available_memory":"number","available_vcpus":"number","available_vgpus":"number","local_storage_category":"string","total_local_storage":"number","total_memory":"number","total_vcpus":"number","total_vgpus":"number"}]],"cores":"number","cpu_over_commit_ratio":"number","dedicated_host_id":"string","dedicated_host_name":"string","dedicated_host_type":"string","description":"string","expired_time":"string","gpu_spec":"string","id":"string","machine_id":"string","network_attributes":["list",["object",{"slb_udp_timeout":"number","udp_timeout":"number"}]],"operation_locks":["list",["object",{"lock_reason":"string"}]],"payment_type":"string","physical_gpus":"number","resource_group_id":"string","sale_cycle":"string","sockets":"number","status":"string","supported_custom_instance_type_families":["list","string"],"supported_instance_type_families":["list","string"],"supported_instance_types_list":["list","string"],"tags":["map","string"],"zone_id":"string"}]],"description_kind":"plain","computed":true},"id":{"type":"string","description_kind":"plain","optional":true,"computed":true},"ids":{"type":["list","string"],"description_kind":"plain","optional":true,"computed":true},"name_regex":{"type":"string","description_kind":"plain","optional":true},"names":{"type":["list","string"],"description_kind":"plain","computed":true},"output_file":{"type":"string","description_kind":"plain","optional":true},"resource_group_id":{"type":"string","description_kind":"plain","optional":true},"status":{"type":"string","description_kind":"plain","optional":true},"tags":{"type":["map","string"],"description_kind":"plain","optional":true},"zone_id":{"type":"string","description_kind":"plain","optional":true}},"block_types":{"operation_locks":{"nesting_mode":"list","block":{"attributes":{"lock_reason":{"type":"string","description_kind":"plain","optional":true}},"description_kind":"plain"}}},"description_kind":"plain"}},"alicloud_ecs_disks":{"version":0,"block":{"attributes":{"additional_attributes":{"type":["list","string"],"description_kind":"plain","optional":true},"auto_snapshot_policy_id":{"type":"string","description_kind":"plain","optional":true},"availability_zone":{"type":"string","description_kind":"plain","optional":true},"category":{"type":"string","description_kind":"plain","optional":true},"delete_auto_snapshot":{"type":"bool","description_kind":"plain","optional":true},"delete_with_instance":{"type":"bool","description_kind":"plain","optional":true},"disk_name":{"type":"string","description_kind":"plain","optional":true},"disk_type":{"type":"string","description_kind":"plain","optional":true},"disks":{"type":["list",["object",{"attached_time":"string","auto_snapshot_policy_id":"string","availability_zone":"string","category":"string","creation_time":"string","delete_auto_snapshot":"bool","delete_with_instance":"bool","description":"string","detached_time":"string","device":"string","disk_id":"string","disk_name":"string","disk_type":"string","enable_auto_snapshot":"bool","enable_automated_snapshot_policy":"bool","encrypted":"string","expired_time":"string","id":"string","image_id":"string","instance_id":"string","iops":"number","iops_read":"number","iops_write":"number","kms_key_id":"string","mount_instance_num":"number","mount_instances":["list",["object",{"attached_time":"string","device":"string","instance_id":"string"}]],"name":"string","operation_locks":["list",["object",{"lock_reason":"string"}]],"payment_type":"string","performance_level":"string","portable":"bool","product_code":"string","region_id":"string","resource_group_id":"string","size":"number","snapshot_id":"string","status":"string","tags":["map","string"],"type":"string","zone_id":"string"}]],"description_kind":"plain","computed":true},"dry_run":{"type":"bool","description_kind":"plain","optional":true},"enable_auto_snapshot":{"type":"bool","description_kind":"plain","optional":true},"enable_automated_snapshot_policy":{"type":"bool","description_kind":"plain","optional":true},"enable_shared":{"type":"bool","description_kind":"plain","optional":true},"encrypted":{"type":"string","description_kind":"plain","optional":true},"id":{"type":"string","description_kind":"plain","optional":true,"computed":true},"ids":{"type":["list","string"],"description_kind":"plain","optional":true,"computed":true},"instance_id":{"type":"string","description_kind":"plain","optional":true},"kms_key_id":{"type":"string","description_kind":"plain","optional":true},"name_regex":{"type":"string","description_kind":"plain","optional":true},"names":{"type":["list","string"],"description_kind":"plain","computed":true},"output_file":{"type":"string","description_kind":"plain","optional":true},"payment_type":{"type":"string","description_kind":"plain","optional":true},"portable":{"type":"bool","description_kind":"plain","optional":true},"resource_group_id":{"type":"string","description_kind":"plain","optional":true},"snapshot_id":{"type":"string","description_kind":"plain","optional":true},"status":{"type":"string","description_kind":"plain","optional":true},"tags":{"type":["map","string"],"description_kind":"plain","optional":true},"type":{"type":"string","description_kind":"plain","optional":true},"zone_id":{"type":"string","description_kind":"plain","optional":true}},"block_types":{"operation_locks":{"nesting_mode":"list","block":{"attributes":{"lock_reason":{"type":"string","description_kind":"plain","optional":true}},"description_kind":"plain"}}},"description_kind":"plain"}},"alicloud_ecs_hpc_clusters":{"version":0,"block":{"attributes":{"clusters":{"type":["list",["object",{"description":"string","hpc_cluster_id":"string","id":"string","name":"string"}]],"description_kind":"plain","computed":true},"id":{"type":"string","description_kind":"plain","optional":true,"computed":true},"ids":{"type":["list","string"],"description_kind":"plain","optional":true,"computed":true},"name_regex":{"type":"string","description_kind":"plain","optional":true},"names":{"type":["list","string"],"description_kind":"plain","computed":true},"output_file":{"type":"string","description_kind":"plain","optional":true}},"description_kind":"plain"}},"alicloud_ecs_key_pairs":{"version":0,"block":{"attributes":{"finger_print":{"type":"string","description_kind":"plain","optional":true},"id":{"type":"string","description_kind":"plain","optional":true,"computed":true},"ids":{"type":["list","string"],"description_kind":"plain","optional":true,"computed":true},"key_pairs":{"type":["list",["object",{"finger_print":"string","id":"string","instances":["list",["object",{"availability_zone":"string","description":"string","image_id":"string","instance_id":"string","instance_name":"string","instance_type":"string","key_name":"string","private_ip":"string","public_ip":"string","region_id":"string","status":"string","vswitch_id":"string"}]],"key_name":"string","key_pair_name":"string","resource_group_id":"string","tags":["map","string"]}]],"description_kind":"plain","computed":true},"name_regex":{"type":"string","description_kind":"plain","optional":true},"names":{"type":["list","string"],"description_kind":"plain","computed":true},"output_file":{"type":"string","description_kind":"plain","optional":true},"pairs":{"type":["list",["object",{"finger_print":"string","id":"string","instances":["list",["object",{"availability_zone":"string","description":"string","image_id":"string","instance_id":"string","instance_name":"string","instance_type":"string","key_name":"string","private_ip":"string","public_ip":"string","region_id":"string","status":"string","vswitch_id":"string"}]],"key_name":"string","key_pair_name":"string","resource_group_id":"string","tags":["map","string"]}]],"description_kind":"plain","computed":true},"resource_group_id":{"type":"string","description_kind":"plain","optional":true},"tags":{"type":["map","string"],"description_kind":"plain","optional":true}},"description_kind":"plain"}},"alicloud_ecs_launch_templates":{"version":0,"block":{"attributes":{"enable_details":{"type":"bool","description_kind":"plain","optional":true},"id":{"type":"string","description_kind":"plain","optional":true,"computed":true},"ids":{"type":["list","string"],"description_kind":"plain","optional":true,"computed":true},"launch_template_name":{"type":"string","description_kind":"plain","optional":true},"name_regex":{"type":"string","description_kind":"plain","optional":true},"names":{"type":["list","string"],"description_kind":"plain","computed":true},"output_file":{"type":"string","description_kind":"plain","optional":true},"template_resource_group_id":{"type":"string","description_kind":"plain","optional":true},"template_tags":{"type":["map","string"],"description_kind":"plain","optional":true},"templates":{"type":["list",["object",{"auto_release_time":"string","created_by":"string","data_disks":["list",["object",{"category":"string","delete_with_instance":"bool","description":"string","encrypted":"bool","name":"string","performance_level":"string","size":"number","snapshot_id":"string"}]],"default_version_number":"number","deployment_set_id":"string","description":"string","enable_vm_os_config":"bool","host_name":"string","id":"string","image_id":"string","image_owner_alias":"string","instance_charge_type":"string","instance_name":"string","instance_type":"string","internet_charge_type":"string","internet_max_bandwidth_in":"number","internet_max_bandwidth_out":"number","io_optimized":"string","key_pair_name":"string","latest_version_number":"number","launch_template_id":"string","launch_template_name":"string","modified_time":"string","network_interfaces":["list",["object",{"description":"string","name":"string","primary_ip":"string","security_group_id":"string","vswitch_id":"string"}]],"network_type":"string","password_inherit":"bool","period":"number","private_ip_address":"string","ram_role_name":"string","resource_group_id":"string","security_enhancement_strategy":"string","security_group_id":"string","security_group_ids":["list","string"],"spot_duration":"string","spot_price_limit":"number","spot_strategy":"string","system_disk":["list",["object",{"category":"string","delete_with_instance":"bool","description":"string","iops":"string","name":"string","performance_level":"string","size":"number"}]],"template_tags":["map","string"],"user_data":"string","version_description":"string","vpc_id":"string","vswitch_id":"string","zone_id":"string"}]],"description_kind":"plain","computed":true}},"description_kind":"plain"}},"alicloud_ecs_network_interfaces":{"version":0,"block":{"attributes":{"id":{"type":"string","description_kind":"plain","optional":true,"computed":true},"ids":{"type":["list","string"],"description_kind":"plain","optional":true,"computed":true},"instance_id":{"type":"string","description_kind":"plain","optional":true},"interfaces":{"type":["list",["object",{"creation_time":"string","description":"string","id":"string","instance_id":"string","mac":"string","name":"string","network_interface_id":"string","network_interface_name":"string","primary_ip_address":"string","private_ip":"string","private_ip_addresses":["list","string"],"private_ips":["list","string"],"queue_number":"number","resource_group_id":"string","security_group_ids":["list","string"],"security_groups":["list","string"],"service_id":"number","service_managed":"bool","status":"string","tags":["map","string"],"type":"string","vpc_id":"string","vswitch_id":"string","zone_id":"string"}]],"description_kind":"plain","computed":true},"name":{"type":"string","description_kind":"plain","optional":true},"name_regex":{"type":"string","description_kind":"plain","optional":true},"names":{"type":["list","string"],"description_kind":"plain","computed":true},"network_interface_name":{"type":"string","description_kind":"plain","optional":true},"output_file":{"type":"string","description_kind":"plain","optional":true},"primary_ip_address":{"type":"string","description_kind":"plain","optional":true},"private_ip":{"type":"string","description_kind":"plain","optional":true},"resource_group_id":{"type":"string","description_kind":"plain","optional":true},"security_group_id":{"type":"string","description_kind":"plain","optional":true},"service_managed":{"type":"bool","description_kind":"plain","optional":true},"status":{"type":"string","description_kind":"plain","optional":true},"tags":{"type":["map","string"],"description_kind":"plain","optional":true},"type":{"type":"string","description_kind":"plain","optional":true},"vpc_id":{"type":"string","description_kind":"plain","optional":true},"vswitch_id":{"type":"string","description_kind":"plain","optional":true}},"description_kind":"plain"}},"alicloud_ecs_snapshots":{"version":0,"block":{"attributes":{"category":{"type":"string","description_kind":"plain","optional":true},"dry_run":{"type":"bool","description_kind":"plain","optional":true},"encrypted":{"type":"bool","description_kind":"plain","optional":true},"id":{"type":"string","description_kind":"plain","optional":true,"computed":true},"ids":{"type":["list","string"],"description_kind":"plain","optional":true,"computed":true},"kms_key_id":{"type":"string","description_kind":"plain","optional":true},"name_regex":{"type":"string","description_kind":"plain","optional":true},"names":{"type":["list","string"],"description_kind":"plain","computed":true},"output_file":{"type":"string","description_kind":"plain","optional":true},"resource_group_id":{"type":"string","description_kind":"plain","optional":true},"snapshot_link_id":{"type":"string","description_kind":"plain","optional":true},"snapshot_name":{"type":"string","description_kind":"plain","optional":true},"snapshot_type":{"type":"string","description_kind":"plain","optional":true},"snapshots":{"type":["list",["object",{"category":"string","creation_time":"string","description":"string","disk_id":"string","encrypted":"bool","id":"string","instant_access":"bool","instant_access_retention_days":"number","name":"string","product_code":"string","progress":"string","remain_time":"number","resource_group_id":"string","retention_days":"number","snapshot_id":"string","snapshot_name":"string","snapshot_sn":"string","snapshot_type":"string","source_disk_id":"string","source_disk_size":"string","source_disk_type":"string","source_storage_type":"string","status":"string","tags":["map","string"],"type":"string","usage":"string"}]],"description_kind":"plain","computed":true},"source_disk_type":{"type":"string","description_kind":"plain","optional":true},"status":{"type":"string","description_kind":"plain","optional":true},"tags":{"type":["map","string"],"description_kind":"plain","optional":true},"type":{"type":"string","description_kind":"plain","optional":true},"usage":{"type":"string","description_kind":"plain","optional":true}},"description_kind":"plain"}},"alicloud_edas_applications":{"version":0,"block":{"attributes":{"applications":{"type":["list",["object",{"app_id":"string","app_name":"string","application_type":"string","build_package_id":"number","cluster_id":"string","cluster_type":"number","region_id":"string"}]],"description_kind":"plain","computed":true},"id":{"type":"string","description_kind":"plain","optional":true,"computed":true},"ids":{"type":["list","string"],"description_kind":"plain","optional":true,"computed":true},"name_regex":{"type":"string","description_kind":"plain","optional":true},"names":{"type":["list","string"],"description_kind":"plain","computed":true},"output_file":{"type":"string","description_kind":"plain","optional":true}},"description_kind":"plain"}},"alicloud_edas_clusters":{"version":0,"block":{"attributes":{"clusters":{"type":["list",["object",{"cluster_id":"string","cluster_name":"string","cluster_type":"number","cpu":"number","cpu_used":"number","create_time":"number","mem":"number","mem_used":"number","network_mode":"number","node_num":"number","region_id":"string","update_time":"number","vpc_id":"string"}]],"description_kind":"plain","computed":true},"id":{"type":"string","description_kind":"plain","optional":true,"computed":true},"ids":{"type":["list","string"],"description_kind":"plain","optional":true,"computed":true},"logical_region_id":{"type":"string","description_kind":"plain","required":true},"name_regex":{"type":"string","description_kind":"plain","optional":true},"names":{"type":["list","string"],"description_kind":"plain","computed":true},"output_file":{"type":"string","description_kind":"plain","optional":true}},"description_kind":"plain"}},"alicloud_edas_deploy_groups":{"version":0,"block":{"attributes":{"app_id":{"type":"string","description_kind":"plain","required":true},"groups":{"type":["list",["object",{"app_id":"string","app_version_id":"string","cluster_id":"string","create_time":"number","group_id":"string","group_name":"string","group_type":"number","package_version_id":"string","update_time":"number"}]],"description_kind":"plain","computed":true},"id":{"type":"string","description_kind":"plain","optional":true,"computed":true},"name_regex":{"type":"string","description_kind":"plain","optional":true},"names":{"type":["list","string"],"description_kind":"plain","computed":true},"output_file":{"type":"string","description_kind":"plain","optional":true}},"description_kind":"plain"}},"alicloud_edas_service":{"version":0,"block":{"attributes":{"enable":{"type":"string","description_kind":"plain","optional":true},"id":{"type":"string","description_kind":"plain","optional":true,"computed":true},"status":{"type":"string","description_kind":"plain","computed":true}},"description_kind":"plain"}},"alicloud_eip_addresses":{"version":0,"block":{"attributes":{"address_name":{"type":"string","description_kind":"plain","optional":true},"addresses":{"type":["list",["object",{"address_name":"string","allocation_id":"string","available_regions":["list","string"],"bandwidth":"string","bandwidth_package_bandwidth":"string","bandwidth_package_id":"string","bandwidth_package_type":"string","create_time":"string","deletion_protection":"bool","description":"string","expired_time":"string","has_reservation_data":"string","hd_monitor_status":"string","id":"string","instance_id":"string","instance_region_id":"string","instance_type":"string","internet_charge_type":"string","ip_address":"string","isp":"string","operation_locks":["list","string"],"payment_type":"string","reservation_active_time":"string","reservation_bandwidth":"string","reservation_internet_charge_type":"string","reservation_order_type":"string","resource_group_id":"string","second_limited":"bool","segment_instance_id":"string","status":"string","tags":["map","string"]}]],"description_kind":"plain","computed":true},"associated_instance_id":{"type":"string","description_kind":"plain","optional":true},"associated_instance_type":{"type":"string","description_kind":"plain","optional":true},"dry_run":{"type":"bool","description_kind":"plain","optional":true},"eips":{"type":["list",["object",{"bandwidth":"string","creation_time":"string","deletion_protection":"bool","id":"string","instance_id":"string","instance_type":"string","internet_charge_type":"string","ip_address":"string","status":"string"}]],"description_kind":"plain","computed":true},"enable_details":{"type":"bool","description_kind":"plain","optional":true},"id":{"type":"string","description_kind":"plain","optional":true,"computed":true},"ids":{"type":["list","string"],"description_kind":"plain","optional":true,"computed":true},"in_use":{"type":"bool","description_kind":"plain","optional":true},"include_reservation_data":{"type":"bool","description_kind":"plain","optional":true},"ip_address":{"type":"string","description_kind":"plain","optional":true},"ip_addresses":{"type":["list","string"],"description_kind":"plain","optional":true},"isp":{"type":"string","description_kind":"plain","optional":true},"lock_reason":{"type":"string","description_kind":"plain","optional":true},"name_regex":{"type":"string","description_kind":"plain","optional":true},"names":{"type":["list","string"],"description_kind":"plain","computed":true},"output_file":{"type":"string","description_kind":"plain","optional":true},"payment_type":{"type":"string","description_kind":"plain","optional":true},"resource_group_id":{"type":"string","description_kind":"plain","optional":true},"segment_instance_id":{"type":"string","description_kind":"plain","optional":true},"status":{"type":"string","description_kind":"plain","optional":true},"tags":{"type":["map","string"],"description_kind":"plain","optional":true}},"description_kind":"plain"}},"alicloud_eipanycast_anycast_eip_addresses":{"version":0,"block":{"attributes":{"addresses":{"type":["list",["object",{"ali_uid":"number","anycast_eip_address_name":"string","anycast_eip_bind_info_list":["list",["object",{"bind_instance_id":"string","bind_instance_region_id":"string","bind_instance_type":"string","bind_time":"string"}]],"anycast_id":"string","bandwidth":"number","bid":"string","business_status":"string","description":"string","id":"string","internet_charge_type":"string","ip_address":"string","payment_type":"string","service_location":"string","status":"string"}]],"description_kind":"plain","computed":true},"anycast_eip_address_name":{"type":"string","description_kind":"plain","optional":true},"bind_instance_ids":{"type":["set","string"],"description_kind":"plain","optional":true},"business_status":{"type":"string","description_kind":"plain","optional":true},"id":{"type":"string","description_kind":"plain","optional":true,"computed":true},"ids":{"type":["list","string"],"description_kind":"plain","optional":true,"computed":true},"internet_charge_type":{"type":"string","description_kind":"plain","optional":true},"ip_address":{"type":"string","description_kind":"plain","optional":true},"name_regex":{"type":"string","description_kind":"plain","optional":true},"names":{"type":["list","string"],"description_kind":"plain","computed":true},"output_file":{"type":"string","description_kind":"plain","optional":true},"payment_type":{"type":"string","description_kind":"plain","optional":true},"service_location":{"type":"string","description_kind":"plain","optional":true},"status":{"type":"string","description_kind":"plain","optional":true}},"description_kind":"plain"}},"alicloud_eips":{"version":0,"block":{"attributes":{"address_name":{"type":"string","description_kind":"plain","optional":true},"addresses":{"type":["list",["object",{"address_name":"string","allocation_id":"string","available_regions":["list","string"],"bandwidth":"string","bandwidth_package_bandwidth":"string","bandwidth_package_id":"string","bandwidth_package_type":"string","create_time":"string","deletion_protection":"bool","description":"string","expired_time":"string","has_reservation_data":"string","hd_monitor_status":"string","id":"string","instance_id":"string","instance_region_id":"string","instance_type":"string","internet_charge_type":"string","ip_address":"string","isp":"string","operation_locks":["list","string"],"payment_type":"string","reservation_active_time":"string","reservation_bandwidth":"string","reservation_internet_charge_type":"string","reservation_order_type":"string","resource_group_id":"string","second_limited":"bool","segment_instance_id":"string","status":"string","tags":["map","string"]}]],"description_kind":"plain","computed":true},"associated_instance_id":{"type":"string","description_kind":"plain","optional":true},"associated_instance_type":{"type":"string","description_kind":"plain","optional":true},"dry_run":{"type":"bool","description_kind":"plain","optional":true},"eips":{"type":["list",["object",{"bandwidth":"string","creation_time":"string","deletion_protection":"bool","id":"string","instance_id":"string","instance_type":"string","internet_charge_type":"string","ip_address":"string","status":"string"}]],"description_kind":"plain","computed":true},"enable_details":{"type":"bool","description_kind":"plain","optional":true},"id":{"type":"string","description_kind":"plain","optional":true,"computed":true},"ids":{"type":["list","string"],"description_kind":"plain","optional":true,"computed":true},"in_use":{"type":"bool","description_kind":"plain","optional":true},"include_reservation_data":{"type":"bool","description_kind":"plain","optional":true},"ip_address":{"type":"string","description_kind":"plain","optional":true},"ip_addresses":{"type":["list","string"],"description_kind":"plain","optional":true},"isp":{"type":"string","description_kind":"plain","optional":true},"lock_reason":{"type":"string","description_kind":"plain","optional":true},"name_regex":{"type":"string","description_kind":"plain","optional":true},"names":{"type":["list","string"],"description_kind":"plain","computed":true},"output_file":{"type":"string","description_kind":"plain","optional":true},"payment_type":{"type":"string","description_kind":"plain","optional":true},"resource_group_id":{"type":"string","description_kind":"plain","optional":true},"segment_instance_id":{"type":"string","description_kind":"plain","optional":true},"status":{"type":"string","description_kind":"plain","optional":true},"tags":{"type":["map","string"],"description_kind":"plain","optional":true}},"description_kind":"plain"}},"alicloud_elasticsearch_instances":{"version":0,"block":{"attributes":{"description_regex":{"type":"string","description_kind":"plain","optional":true},"descriptions":{"type":["list","string"],"description_kind":"plain","computed":true},"id":{"type":"string","description_kind":"plain","optional":true,"computed":true},"ids":{"type":["list","string"],"description_kind":"plain","optional":true,"computed":true},"instances":{"type":["list",["object",{"created_at":"string","data_node_amount":"number","data_node_disk_size":"number","data_node_disk_type":"string","data_node_spec":"string","description":"string","id":"string","instance_charge_type":"string","status":"string","tags":["map","string"],"updated_at":"string","version":"string","vswitch_id":"string"}]],"description_kind":"plain","computed":true},"output_file":{"type":"string","description_kind":"plain","optional":true},"tags":{"type":["map","string"],"description_kind":"plain","optional":true},"version":{"type":"string","description_kind":"plain","optional":true}},"description_kind":"plain"}},"alicloud_elasticsearch_zones":{"version":0,"block":{"attributes":{"id":{"type":"string","description_kind":"plain","optional":true,"computed":true},"ids":{"type":["list","string"],"description_kind":"plain","computed":true},"multi":{"type":"bool","description_kind":"plain","optional":true},"output_file":{"type":"string","description_kind":"plain","optional":true},"zones":{"type":["list",["object",{"id":"string","multi_zone_ids":["list","string"]}]],"description_kind":"plain","computed":true}},"description_kind":"plain"}},"alicloud_emr_disk_types":{"version":0,"block":{"attributes":{"cluster_type":{"type":"string","description_kind":"plain","required":true},"destination_resource":{"type":"string","description_kind":"plain","required":true},"id":{"type":"string","description_kind":"plain","optional":true,"computed":true},"ids":{"type":["list","string"],"description_kind":"plain","computed":true},"instance_charge_type":{"type":"string","description_kind":"plain","required":true},"instance_type":{"type":"string","description_kind":"plain","required":true},"output_file":{"type":"string","description_kind":"plain","optional":true},"types":{"type":["list",["object",{"max":"number","min":"number","value":"string"}]],"description_kind":"plain","computed":true},"zone_id":{"type":"string","description_kind":"plain","optional":true}},"description_kind":"plain"}},"alicloud_emr_instance_types":{"version":0,"block":{"attributes":{"cluster_type":{"type":"string","description_kind":"plain","required":true},"destination_resource":{"type":"string","description_kind":"plain","required":true},"id":{"type":"string","description_kind":"plain","optional":true,"computed":true},"ids":{"type":["list","string"],"description_kind":"plain","computed":true},"instance_charge_type":{"type":"string","description_kind":"plain","required":true},"instance_type":{"type":"string","description_kind":"plain","optional":true},"output_file":{"type":"string","description_kind":"plain","optional":true},"support_local_storage":{"type":"bool","description_kind":"plain","optional":true},"support_node_type":{"type":["list","string"],"description_kind":"plain","optional":true},"types":{"type":["list",["object",{"id":"string","local_storage_capacity":"number","zone_id":"string"}]],"description_kind":"plain","computed":true},"zone_id":{"type":"string","description_kind":"plain","optional":true}},"description_kind":"plain"}},"alicloud_emr_main_versions":{"version":0,"block":{"attributes":{"cluster_type":{"type":["list","string"],"description_kind":"plain","optional":true},"emr_version":{"type":"string","description_kind":"plain","optional":true},"id":{"type":"string","description_kind":"plain","optional":true,"computed":true},"ids":{"type":["list","string"],"description_kind":"plain","computed":true},"main_versions":{"type":["list",["object",{"cluster_types":["list","string"],"emr_version":"string","image_id":"string"}]],"description_kind":"plain","computed":true},"output_file":{"type":"string","description_kind":"plain","optional":true}},"description_kind":"plain"}},"alicloud_enhanced_nat_available_zones":{"version":0,"block":{"attributes":{"id":{"type":"string","description_kind":"plain","optional":true,"computed":true},"ids":{"type":["list","string"],"description_kind":"plain","computed":true},"output_file":{"type":"string","description_kind":"plain","optional":true},"zones":{"type":["list",["object",{"local_name":"string","zone_id":"string"}]],"description_kind":"plain","computed":true}},"description_kind":"plain"}},"alicloud_ess_alarms":{"version":0,"block":{"attributes":{"alarms":{"type":["list",["object",{"alarm_actions":["set","string"],"cloud_monitor_group_id":"number","comparison_operator":"string","description":"string","dimensions":["map","string"],"enable":"bool","evaluation_count":"number","id":"string","metric_name":"string","metric_type":"string","name":"string","period":"number","scaling_group_id":"string","state":"string","statistics":"string","threshold":"string"}]],"description_kind":"plain","computed":true},"id":{"type":"string","description_kind":"plain","optional":true,"computed":true},"ids":{"type":["list","string"],"description_kind":"plain","optional":true,"computed":true},"metric_type":{"type":"string","description_kind":"plain","optional":true},"name_regex":{"type":"string","description_kind":"plain","optional":true},"names":{"type":["list","string"],"description_kind":"plain","computed":true},"output_file":{"type":"string","description_kind":"plain","optional":true},"scaling_group_id":{"type":"string","description_kind":"plain","optional":true}},"description_kind":"plain"}},"alicloud_ess_lifecycle_hooks":{"version":0,"block":{"attributes":{"hooks":{"type":["list",["object",{"default_result":"string","heartbeat_timeout":"number","id":"string","lifecycle_transition":"string","name":"string","notification_arn":"string","notification_metadata":"string","scaling_group_id":"string"}]],"description_kind":"plain","computed":true},"id":{"type":"string","description_kind":"plain","optional":true,"computed":true},"ids":{"type":["list","string"],"description_kind":"plain","optional":true,"computed":true},"name_regex":{"type":"string","description_kind":"plain","optional":true},"names":{"type":["list","string"],"description_kind":"plain","computed":true},"output_file":{"type":"string","description_kind":"plain","optional":true},"scaling_group_id":{"type":"string","description_kind":"plain","optional":true}},"description_kind":"plain"}},"alicloud_ess_notifications":{"version":0,"block":{"attributes":{"id":{"type":"string","description_kind":"plain","optional":true,"computed":true},"ids":{"type":["list","string"],"description_kind":"plain","optional":true},"notifications":{"type":["list",["object",{"id":"string","notification_arn":"string","notification_types":["set","string"],"scaling_group_id":"string"}]],"description_kind":"plain","computed":true},"output_file":{"type":"string","description_kind":"plain","optional":true},"scaling_group_id":{"type":"string","description_kind":"plain","required":true}},"description_kind":"plain"}},"alicloud_ess_scaling_configurations":{"version":0,"block":{"attributes":{"configurations":{"type":["list",["object",{"creation_time":"string","credit_specification":"string","data_disks":["list",["object",{"category":"string","delete_with_instance":"bool","device":"string","performance_level":"string","size":"number","snapshot_id":"string"}]],"id":"string","image_id":"string","instance_type":"string","internet_charge_type":"string","internet_max_bandwidth_in":"number","internet_max_bandwidth_out":"number","lifecycle_state":"string","name":"string","scaling_group_id":"string","security_group_id":"string","system_disk_category":"string","system_disk_performance_level":"string","system_disk_size":"number"}]],"description_kind":"plain","computed":true},"id":{"type":"string","description_kind":"plain","optional":true,"computed":true},"ids":{"type":["list","string"],"description_kind":"plain","optional":true,"computed":true},"name_regex":{"type":"string","description_kind":"plain","optional":true},"names":{"type":["list","string"],"description_kind":"plain","computed":true},"output_file":{"type":"string","description_kind":"plain","optional":true},"scaling_group_id":{"type":"string","description_kind":"plain","optional":true}},"description_kind":"plain"}},"alicloud_ess_scaling_groups":{"version":0,"block":{"attributes":{"groups":{"type":["list",["object",{"active_capacity":"number","active_scaling_configuration":"string","cooldown_time":"number","creation_time":"string","db_instance_ids":["list","string"],"id":"string","launch_template_id":"string","launch_template_version":"string","lifecycle_state":"string","load_balancer_ids":["list","string"],"max_size":"number","min_size":"number","name":"string","pending_capacity":"number","region_id":"string","removal_policies":["list","string"],"removing_capacity":"number","total_capacity":"number","vswitch_ids":["list","string"]}]],"description_kind":"plain","computed":true},"id":{"type":"string","description_kind":"plain","optional":true,"computed":true},"ids":{"type":["list","string"],"description_kind":"plain","optional":true,"computed":true},"name_regex":{"type":"string","description_kind":"plain","optional":true},"names":{"type":["list","string"],"description_kind":"plain","computed":true},"output_file":{"type":"string","description_kind":"plain","optional":true}},"description_kind":"plain"}},"alicloud_ess_scaling_rules":{"version":0,"block":{"attributes":{"id":{"type":"string","description_kind":"plain","optional":true,"computed":true},"ids":{"type":["list","string"],"description_kind":"plain","optional":true,"computed":true},"name_regex":{"type":"string","description_kind":"plain","optional":true},"names":{"type":["list","string"],"description_kind":"plain","computed":true},"output_file":{"type":"string","description_kind":"plain","optional":true},"rules":{"type":["list",["object",{"adjustment_type":"string","adjustment_value":"number","cooldown":"number","id":"string","min_adjustment_magnitude":"number","name":"string","scaling_group_id":"string","scaling_rule_ari":"string","type":"string"}]],"description_kind":"plain","computed":true},"scaling_group_id":{"type":"string","description_kind":"plain","optional":true},"type":{"type":"string","description_kind":"plain","optional":true}},"description_kind":"plain"}},"alicloud_ess_scheduled_tasks":{"version":0,"block":{"attributes":{"id":{"type":"string","description_kind":"plain","optional":true,"computed":true},"ids":{"type":["list","string"],"description_kind":"plain","optional":true,"computed":true},"name_regex":{"type":"string","description_kind":"plain","optional":true},"names":{"type":["list","string"],"description_kind":"plain","computed":true},"output_file":{"type":"string","description_kind":"plain","optional":true},"scheduled_action":{"type":"string","description_kind":"plain","optional":true},"scheduled_task_id":{"type":"string","description_kind":"plain","optional":true},"tasks":{"type":["list",["object",{"description":"string","id":"string","launch_expiration_time":"number","launch_time":"string","max_value":"number","min_value":"number","name":"string","recurrence_end_time":"string","recurrence_type":"string","recurrence_value":"string","scheduled_action":"string","task_enabled":"bool"}]],"description_kind":"plain","computed":true}},"description_kind":"plain"}},"alicloud_event_bridge_event_buses":{"version":0,"block":{"attributes":{"buses":{"type":["list",["object",{"create_time":"string","description":"string","event_bus_name":"string","id":"string"}]],"description_kind":"plain","computed":true},"event_bus_type":{"type":"string","description_kind":"plain","optional":true},"id":{"type":"string","description_kind":"plain","optional":true,"computed":true},"ids":{"type":["list","string"],"description_kind":"plain","optional":true,"computed":true},"name_prefix":{"type":"string","description_kind":"plain","optional":true},"name_regex":{"type":"string","description_kind":"plain","optional":true},"names":{"type":["list","string"],"description_kind":"plain","computed":true},"output_file":{"type":"string","description_kind":"plain","optional":true}},"description_kind":"plain"}},"alicloud_event_bridge_event_sources":{"version":0,"block":{"attributes":{"id":{"type":"string","description_kind":"plain","optional":true,"computed":true},"ids":{"type":["list","string"],"description_kind":"plain","optional":true,"computed":true},"name_regex":{"type":"string","description_kind":"plain","optional":true},"names":{"type":["list","string"],"description_kind":"plain","computed":true},"output_file":{"type":"string","description_kind":"plain","optional":true},"sources":{"type":["list",["object",{"description":"string","event_source_name":"string","external_source_config":["map","string"],"external_source_type":"string","id":"string","linked_external_source":"bool","type":"string"}]],"description_kind":"plain","computed":true}},"description_kind":"plain"}},"alicloud_event_bridge_rules":{"version":0,"block":{"attributes":{"event_bus_name":{"type":"string","description_kind":"plain","required":true},"id":{"type":"string","description_kind":"plain","optional":true,"computed":true},"ids":{"type":["list","string"],"description_kind":"plain","optional":true,"computed":true},"name_regex":{"type":"string","description_kind":"plain","optional":true},"names":{"type":["list","string"],"description_kind":"plain","computed":true},"output_file":{"type":"string","description_kind":"plain","optional":true},"rule_name_prefix":{"type":"string","description_kind":"plain","optional":true},"rules":{"type":["list",["object",{"description":"string","event_bus_name":"string","filter_pattern":"string","id":"string","rule_name":"string","status":"string","targets":["list",["object",{"endpoint":"string","target_id":"string","type":"string"}]]}]],"description_kind":"plain","computed":true},"status":{"type":"string","description_kind":"plain","optional":true}},"description_kind":"plain"}},"alicloud_event_bridge_service":{"version":0,"block":{"attributes":{"enable":{"type":"string","description_kind":"plain","optional":true},"id":{"type":"string","description_kind":"plain","optional":true,"computed":true},"status":{"type":"string","description_kind":"plain","computed":true}},"description_kind":"plain"}},"alicloud_fc_custom_domains":{"version":0,"block":{"attributes":{"domains":{"type":["list",["object",{"account_id":"string","api_version":"string","cert_config":["list",["object",{"cert_name":"string","certificate":"string"}]],"created_time":"string","domain_name":"string","id":"string","last_modified_time":"string","protocol":"string","route_config":["list",["object",{"function_name":"string","methods":["list","string"],"path":"string","qualifier":"string","service_name":"string"}]]}]],"description_kind":"plain","computed":true},"id":{"type":"string","description_kind":"plain","optional":true,"computed":true},"ids":{"type":["list","string"],"description_kind":"plain","optional":true,"computed":true},"name_regex":{"type":"string","description_kind":"plain","optional":true},"names":{"type":["list","string"],"description_kind":"plain","computed":true},"output_file":{"type":"string","description_kind":"plain","optional":true}},"description_kind":"plain"}},"alicloud_fc_functions":{"version":0,"block":{"attributes":{"functions":{"type":["list",["object",{"ca_port":"number","code_checksum":"string","code_size":"number","creation_time":"string","custom_container_config":["list",["object",{"args":"string","command":"string","image":"string"}]],"description":"string","environment_variables":["map","string"],"handler":"string","id":"string","initialization_timeout":"number","initializer":"string","instance_concurrency":"number","instance_type":"string","last_modification_time":"string","memory_size":"number","name":"string","runtime":"string","timeout":"number"}]],"description_kind":"plain","computed":true},"id":{"type":"string","description_kind":"plain","optional":true,"computed":true},"ids":{"type":["list","string"],"description_kind":"plain","optional":true,"computed":true},"name_regex":{"type":"string","description_kind":"plain","optional":true},"names":{"type":["list","string"],"description_kind":"plain","computed":true},"output_file":{"type":"string","description_kind":"plain","optional":true},"service_name":{"type":"string","description_kind":"plain","required":true}},"description_kind":"plain"}},"alicloud_fc_service":{"version":0,"block":{"attributes":{"enable":{"type":"string","description_kind":"plain","optional":true},"id":{"type":"string","description_kind":"plain","optional":true,"computed":true},"status":{"type":"string","description_kind":"plain","computed":true}},"description_kind":"plain"}},"alicloud_fc_services":{"version":0,"block":{"attributes":{"id":{"type":"string","description_kind":"plain","optional":true,"computed":true},"ids":{"type":["list","string"],"description_kind":"plain","optional":true,"computed":true},"name_regex":{"type":"string","description_kind":"plain","optional":true},"names":{"type":["list","string"],"description_kind":"plain","computed":true},"output_file":{"type":"string","description_kind":"plain","optional":true},"services":{"type":["list",["object",{"creation_time":"string","description":"string","id":"string","internet_access":"bool","last_modification_time":"string","log_config":["list",["object",{"logstore":"string","project":"string"}]],"name":"string","nas_config":["list",["object",{"group_id":"number","mount_points":["list",["object",{"mount_dir":"string","server_addr":"string"}]],"user_id":"number"}]],"role":"string","vpc_config":["list",["object",{"security_group_id":"string","vpc_id":"string","vswitch_ids":["list","string"]}]]}]],"description_kind":"plain","computed":true}},"description_kind":"plain"}},"alicloud_fc_triggers":{"version":0,"block":{"attributes":{"function_name":{"type":"string","description_kind":"plain","required":true},"id":{"type":"string","description_kind":"plain","optional":true,"computed":true},"ids":{"type":["list","string"],"description_kind":"plain","optional":true,"computed":true},"name_regex":{"type":"string","description_kind":"plain","optional":true},"names":{"type":["list","string"],"description_kind":"plain","computed":true},"output_file":{"type":"string","description_kind":"plain","optional":true},"service_name":{"type":"string","description_kind":"plain","required":true},"triggers":{"type":["list",["object",{"config":"string","creation_time":"string","id":"string","invocation_role":"string","last_modification_time":"string","name":"string","source_arn":"string","type":"string"}]],"description_kind":"plain","computed":true}},"description_kind":"plain"}},"alicloud_fc_zones":{"version":0,"block":{"attributes":{"id":{"type":"string","description_kind":"plain","optional":true,"computed":true},"ids":{"type":["list","string"],"description_kind":"plain","computed":true},"output_file":{"type":"string","description_kind":"plain","optional":true},"zones":{"type":["list",["object",{"id":"string"}]],"description_kind":"plain","computed":true}},"description_kind":"plain"}},"alicloud_file_crc64_checksum":{"version":0,"block":{"attributes":{"checksum":{"type":"string","description_kind":"plain","computed":true},"filename":{"type":"string","description_kind":"plain","required":true},"id":{"type":"string","description_kind":"plain","optional":true,"computed":true},"output_file":{"type":"string","description_kind":"plain","optional":true}},"description_kind":"plain"}},"alicloud_fnf_flows":{"version":0,"block":{"attributes":{"flows":{"type":["list",["object",{"definition":"string","description":"string","flow_id":"string","id":"string","last_modified_time":"string","name":"string","role_arn":"string","type":"string"}]],"description_kind":"plain","computed":true},"id":{"type":"string","description_kind":"plain","optional":true,"computed":true},"ids":{"type":["list","string"],"description_kind":"plain","optional":true,"computed":true},"limit":{"type":"number","description_kind":"plain","optional":true},"name_regex":{"type":"string","description_kind":"plain","optional":true},"names":{"type":["list","string"],"description_kind":"plain","computed":true},"output_file":{"type":"string","description_kind":"plain","optional":true}},"description_kind":"plain"}},"alicloud_fnf_schedules":{"version":0,"block":{"attributes":{"flow_name":{"type":"string","description_kind":"plain","required":true},"id":{"type":"string","description_kind":"plain","optional":true,"computed":true},"ids":{"type":["list","string"],"description_kind":"plain","optional":true,"computed":true},"limit":{"type":"number","description_kind":"plain","optional":true},"name_regex":{"type":"string","description_kind":"plain","optional":true},"names":{"type":["list","string"],"description_kind":"plain","computed":true},"output_file":{"type":"string","description_kind":"plain","optional":true},"schedules":{"type":["list",["object",{"cron_expression":"string","description":"string","enable":"bool","id":"string","last_modified_time":"string","payload":"string","schedule_id":"string","schedule_name":"string"}]],"description_kind":"plain","computed":true}},"description_kind":"plain"}},"alicloud_fnf_service":{"version":0,"block":{"attributes":{"enable":{"type":"string","description_kind":"plain","optional":true},"id":{"type":"string","description_kind":"plain","optional":true,"computed":true},"status":{"type":"string","description_kind":"plain","computed":true}},"description_kind":"plain"}},"alicloud_forward_entries":{"version":0,"block":{"attributes":{"entries":{"type":["list",["object",{"external_ip":"string","external_port":"string","forward_entry_id":"string","forward_entry_name":"string","id":"string","internal_ip":"string","internal_port":"string","ip_protocol":"string","name":"string","status":"string"}]],"description_kind":"plain","computed":true},"external_ip":{"type":"string","description_kind":"plain","optional":true},"external_port":{"type":"string","description_kind":"plain","optional":true},"forward_entry_name":{"type":"string","description_kind":"plain","optional":true},"forward_table_id":{"type":"string","description_kind":"plain","required":true},"id":{"type":"string","description_kind":"plain","optional":true,"computed":true},"ids":{"type":["list","string"],"description_kind":"plain","optional":true,"computed":true},"internal_ip":{"type":"string","description_kind":"plain","optional":true},"internal_port":{"type":"string","description_kind":"plain","optional":true},"ip_protocol":{"type":"string","description_kind":"plain","optional":true},"name_regex":{"type":"string","description_kind":"plain","optional":true},"names":{"type":["list","string"],"description_kind":"plain","computed":true},"output_file":{"type":"string","description_kind":"plain","optional":true},"status":{"type":"string","description_kind":"plain","optional":true}},"description_kind":"plain"}},"alicloud_ga_accelerators":{"version":0,"block":{"attributes":{"accelerators":{"type":["list",["object",{"accelerator_id":"string","accelerator_name":"string","basic_bandwidth_package":["list",["object",{"bandwidth":"number","bandwidth_type":"string","instance_id":"string"}]],"cen_id":"string","cross_domain_bandwidth_package":["list",["object",{"bandwidth":"number","instance_id":"string"}]],"ddos_id":"string","description":"string","dns_name":"string","expired_time":"number","id":"string","payment_type":"string","second_dns_name":"string","spec":"string","status":"string"}]],"description_kind":"plain","computed":true},"id":{"type":"string","description_kind":"plain","optional":true,"computed":true},"ids":{"type":["list","string"],"description_kind":"plain","optional":true,"computed":true},"name_regex":{"type":"string","description_kind":"plain","optional":true},"names":{"type":["list","string"],"description_kind":"plain","computed":true},"output_file":{"type":"string","description_kind":"plain","optional":true},"status":{"type":"string","description_kind":"plain","optional":true}},"description_kind":"plain"}},"alicloud_ga_bandwidth_packages":{"version":0,"block":{"attributes":{"enable_details":{"type":"bool","description_kind":"plain","optional":true},"id":{"type":"string","description_kind":"plain","optional":true,"computed":true},"ids":{"type":["list","string"],"description_kind":"plain","optional":true,"computed":true},"name_regex":{"type":"string","description_kind":"plain","optional":true},"names":{"type":["list","string"],"description_kind":"plain","computed":true},"output_file":{"type":"string","description_kind":"plain","optional":true},"packages":{"type":["list",["object",{"bandwidth":"number","bandwidth_package_id":"string","bandwidth_package_name":"string","bandwidth_type":"string","cbn_geographic_region_ida":"string","cbn_geographic_region_idb":"string","description":"string","expired_time":"string","id":"string","payment_type":"string","status":"string","type":"string"}]],"description_kind":"plain","computed":true},"status":{"type":"string","description_kind":"plain","optional":true},"type":{"type":"string","description_kind":"plain","optional":true}},"description_kind":"plain"}},"alicloud_ga_endpoint_groups":{"version":0,"block":{"attributes":{"accelerator_id":{"type":"string","description_kind":"plain","required":true},"endpoint_group_type":{"type":"string","description_kind":"plain","optional":true},"groups":{"type":["list",["object",{"description":"string","endpoint_configurations":["list",["object",{"enable_clientip_preservation":"bool","endpoint":"string","probe_port":"number","probe_protocol":"string","type":"string","weight":"number"}]],"endpoint_group_id":"string","endpoint_group_region":"string","health_check_interval_seconds":"number","health_check_path":"string","health_check_port":"number","health_check_protocol":"string","id":"string","listener_id":"string","name":"string","port_overrides":["list",["object",{"endpoint_port":"number","listener_port":"number"}]],"status":"string","threshold_count":"number","traffic_percentage":"number"}]],"description_kind":"plain","computed":true},"id":{"type":"string","description_kind":"plain","optional":true,"computed":true},"ids":{"type":["list","string"],"description_kind":"plain","optional":true,"computed":true},"listener_id":{"type":"string","description_kind":"plain","optional":true},"name_regex":{"type":"string","description_kind":"plain","optional":true},"names":{"type":["list","string"],"description_kind":"plain","computed":true},"output_file":{"type":"string","description_kind":"plain","optional":true},"status":{"type":"string","description_kind":"plain","optional":true}},"description_kind":"plain"}},"alicloud_ga_forwarding_rules":{"version":0,"block":{"attributes":{"accelerator_id":{"type":"string","description_kind":"plain","required":true},"forwarding_rules":{"type":["list",["object",{"forwarding_rule_id":"string","forwarding_rule_name":"string","forwarding_rule_status":"string","id":"string","listener_id":"string","priority":"number","rule_actions":["list",["object",{"forward_group_config":["list",["object",{"server_group_tuples":["list",["object",{"endpoint_group_id":"string"}]]}]],"order":"number","rule_action_type":"string"}]],"rule_conditions":["list",["object",{"host_config":["list",["object",{"values":["list","string"]}]],"path_config":["list",["object",{"values":["list","string"]}]],"rule_condition_type":"string"}]]}]],"description_kind":"plain","computed":true},"id":{"type":"string","description_kind":"plain","optional":true,"computed":true},"ids":{"type":["list","string"],"description_kind":"plain","optional":true,"computed":true},"listener_id":{"type":"string","description_kind":"plain","required":true},"output_file":{"type":"string","description_kind":"plain","optional":true},"status":{"type":"string","description_kind":"plain","optional":true}},"description_kind":"plain"}},"alicloud_ga_ip_sets":{"version":0,"block":{"attributes":{"accelerator_id":{"type":"string","description_kind":"plain","required":true},"id":{"type":"string","description_kind":"plain","optional":true,"computed":true},"ids":{"type":["list","string"],"description_kind":"plain","optional":true,"computed":true},"output_file":{"type":"string","description_kind":"plain","optional":true},"sets":{"type":["list",["object",{"accelerate_region_id":"string","bandwidth":"number","id":"string","ip_address_list":["list","string"],"ip_set_id":"string","ip_version":"string","status":"string"}]],"description_kind":"plain","computed":true},"status":{"type":"string","description_kind":"plain","optional":true}},"description_kind":"plain"}},"alicloud_ga_listeners":{"version":0,"block":{"attributes":{"accelerator_id":{"type":"string","description_kind":"plain","required":true},"id":{"type":"string","description_kind":"plain","optional":true,"computed":true},"ids":{"type":["list","string"],"description_kind":"plain","optional":true,"computed":true},"listeners":{"type":["list",["object",{"certificates":["list",["object",{"id":"string","type":"string"}]],"client_affinity":"string","description":"string","id":"string","listener_id":"string","name":"string","port_ranges":["list",["object",{"from_port":"number","to_port":"number"}]],"protocol":"string","status":"string"}]],"description_kind":"plain","computed":true},"name_regex":{"type":"string","description_kind":"plain","optional":true},"names":{"type":["list","string"],"description_kind":"plain","computed":true},"output_file":{"type":"string","description_kind":"plain","optional":true},"status":{"type":"string","description_kind":"plain","optional":true}},"description_kind":"plain"}},"alicloud_gpdb_instances":{"version":0,"block":{"attributes":{"availability_zone":{"type":"string","description_kind":"plain","optional":true},"id":{"type":"string","description_kind":"plain","optional":true,"computed":true},"ids":{"type":["list","string"],"description_kind":"plain","optional":true,"computed":true},"instances":{"type":["list",["object",{"availability_zone":"string","charge_type":"string","creation_time":"string","description":"string","engine":"string","engine_version":"string","id":"string","instance_class":"string","instance_group_count":"string","instance_network_type":"string","region_id":"string","status":"string"}]],"description_kind":"plain","computed":true},"name_regex":{"type":"string","description_kind":"plain","optional":true},"names":{"type":["list","string"],"description_kind":"plain","computed":true},"output_file":{"type":"string","description_kind":"plain","optional":true},"tags":{"type":["map","string"],"description_kind":"plain","optional":true},"vswitch_id":{"type":"string","description_kind":"plain","optional":true}},"description_kind":"plain"}},"alicloud_gpdb_zones":{"version":0,"block":{"attributes":{"id":{"type":"string","description_kind":"plain","optional":true,"computed":true},"ids":{"type":["list","string"],"description_kind":"plain","computed":true},"multi":{"type":"bool","description_kind":"plain","optional":true},"output_file":{"type":"string","description_kind":"plain","optional":true},"zones":{"type":["list",["object",{"id":"string","multi_zone_ids":["list","string"]}]],"description_kind":"plain","computed":true}},"description_kind":"plain"}},"alicloud_havips":{"version":0,"block":{"attributes":{"havips":{"type":["list",["object",{"associated_eip_addresses":["list","string"],"associated_instances":["list","string"],"description":"string","havip_id":"string","havip_name":"string","id":"string","ip_address":"string","master_instance_id":"string","status":"string","vpc_id":"string","vswitch_id":"string"}]],"description_kind":"plain","computed":true},"id":{"type":"string","description_kind":"plain","optional":true,"computed":true},"ids":{"type":["list","string"],"description_kind":"plain","optional":true,"computed":true},"name_regex":{"type":"string","description_kind":"plain","optional":true},"names":{"type":["list","string"],"description_kind":"plain","computed":true},"output_file":{"type":"string","description_kind":"plain","optional":true},"status":{"type":"string","description_kind":"plain","optional":true}},"description_kind":"plain"}},"alicloud_hbase_instance_types":{"version":0,"block":{"attributes":{"charge_type":{"type":"string","description_kind":"plain","optional":true},"core_instance_types":{"type":["list",["object",{"category":"string","cpu_size":"number","engine":"string","instance_type":"string","max_core_count":"number","mem_size":"number","storage_type":"string","version":"string","zone":"string"}]],"description_kind":"plain","computed":true},"disk_type":{"type":"string","description_kind":"plain","optional":true},"engine":{"type":"string","description_kind":"plain","optional":true},"id":{"type":"string","description_kind":"plain","optional":true,"computed":true},"ids":{"type":["list","string"],"description_kind":"plain","computed":true},"instance_type":{"type":"string","description_kind":"plain","optional":true},"master_instance_types":{"type":["list",["object",{"cpu_size":"number","instance_type":"string","mem_size":"number"}]],"description_kind":"plain","computed":true},"output_file":{"type":"string","description_kind":"plain","optional":true},"region_id":{"type":"string","description_kind":"plain","optional":true},"types":{"type":["list",["object",{"cpu_size":"number","mem_size":"number","value":"string"}]],"description_kind":"plain","computed":true},"version":{"type":"string","description_kind":"plain","optional":true},"zone_id":{"type":"string","description_kind":"plain","optional":true}},"description_kind":"plain"}},"alicloud_hbase_instances":{"version":0,"block":{"attributes":{"availability_zone":{"type":"string","description_kind":"plain","optional":true},"id":{"type":"string","description_kind":"plain","optional":true,"computed":true},"ids":{"type":["list","string"],"description_kind":"plain","optional":true,"computed":true},"instances":{"type":["list",["object",{"backup_status":"string","core_disk_size":"number","core_disk_type":"string","core_instance_type":"string","core_node_count":"number","created_time":"string","deletion_protection":"bool","engine":"string","engine_version":"string","expire_time":"string","id":"string","master_instance_type":"string","master_node_count":"number","name":"string","network_type":"string","pay_type":"string","region_id":"string","status":"string","tags":["map","string"],"vpc_id":"string","vswitch_id":"string","zone_id":"string"}]],"description_kind":"plain","computed":true},"name_regex":{"type":"string","description_kind":"plain","optional":true},"names":{"type":["list","string"],"description_kind":"plain","computed":true},"output_file":{"type":"string","description_kind":"plain","optional":true},"tags":{"type":["map","string"],"description_kind":"plain","optional":true}},"description_kind":"plain"}},"alicloud_hbase_zones":{"version":0,"block":{"attributes":{"id":{"type":"string","description_kind":"plain","optional":true,"computed":true},"ids":{"type":["list","string"],"description_kind":"plain","computed":true},"multi":{"type":"bool","description_kind":"plain","optional":true},"output_file":{"type":"string","description_kind":"plain","optional":true},"zones":{"type":["list",["object",{"id":"string","multi_zone_ids":["list","string"]}]],"description_kind":"plain","computed":true}},"description_kind":"plain"}},"alicloud_hbr_vaults":{"version":0,"block":{"attributes":{"id":{"type":"string","description_kind":"plain","optional":true,"computed":true},"ids":{"type":["list","string"],"description_kind":"plain","optional":true,"computed":true},"name_regex":{"type":"string","description_kind":"plain","optional":true},"names":{"type":["list","string"],"description_kind":"plain","computed":true},"output_file":{"type":"string","description_kind":"plain","optional":true},"status":{"type":"string","description_kind":"plain","optional":true},"vault_type":{"type":"string","description_kind":"plain","optional":true},"vaults":{"type":["list",["object",{"bucket_name":"string","bytes_done":"string","create_time":"string","dedup":"bool","description":"string","id":"string","index_available":"bool","index_level":"string","index_update_time":"string","latest_replication_time":"string","payment_type":"string","replication":"bool","replication_source_region_id":"string","replication_source_vault_id":"string","retention":"string","search_enabled":"bool","source_types":["list","string"],"status":"string","storage_size":"string","updated_time":"string","vault_id":"string","vault_name":"string","vault_status_message":"string","vault_storage_class":"string","vault_type":"string"}]],"description_kind":"plain","computed":true}},"description_kind":"plain"}},"alicloud_images":{"version":0,"block":{"attributes":{"action_type":{"type":"string","description_kind":"plain","optional":true},"architecture":{"type":"string","description_kind":"plain","optional":true},"dry_run":{"type":"bool","description_kind":"plain","optional":true},"id":{"type":"string","description_kind":"plain","optional":true,"computed":true},"ids":{"type":["list","string"],"description_kind":"plain","computed":true},"image_family":{"type":"string","description_kind":"plain","optional":true},"images":{"type":["list",["object",{"architecture":"string","creation_time":"string","description":"string","disk_device_mappings":["list",["object",{"device":"string","size":"string","snapshot_id":"string"}]],"id":"string","image_id":"string","image_owner_alias":"string","image_version":"string","is_copied":"bool","is_self_shared":"string","is_subscribed":"bool","is_support_io_optimized":"bool","name":"string","os_name":"string","os_name_en":"string","os_type":"string","platform":"string","product_code":"string","progress":"string","size":"number","state":"string","status":"string","tags":["map","string"],"usage":"string"}]],"description_kind":"plain","computed":true},"instance_type":{"type":"string","description_kind":"plain","optional":true},"is_support_cloud_init":{"type":"bool","description_kind":"plain","optional":true},"is_support_io_optimized":{"type":"bool","description_kind":"plain","optional":true},"most_recent":{"type":"bool","description_kind":"plain","optional":true},"name_regex":{"type":"string","description_kind":"plain","optional":true},"os_type":{"type":"string","description_kind":"plain","optional":true},"output_file":{"type":"string","description_kind":"plain","optional":true},"owners":{"type":"string","description_kind":"plain","optional":true},"resource_group_id":{"type":"string","description_kind":"plain","optional":true},"snapshot_id":{"type":"string","description_kind":"plain","optional":true},"status":{"type":"string","description_kind":"plain","optional":true},"tags":{"type":["map","string"],"description_kind":"plain","optional":true},"usage":{"type":"string","description_kind":"plain","optional":true}},"description_kind":"plain"}},"alicloud_instance_type_families":{"version":0,"block":{"attributes":{"families":{"type":["list",["object",{"generation":"string","id":"string","zone_ids":["list","string"]}]],"description_kind":"plain","computed":true},"generation":{"type":"string","description_kind":"plain","optional":true},"id":{"type":"string","description_kind":"plain","optional":true,"computed":true},"ids":{"type":["list","string"],"description_kind":"plain","computed":true},"instance_charge_type":{"type":"string","description_kind":"plain","optional":true},"output_file":{"type":"string","description_kind":"plain","optional":true},"spot_strategy":{"type":"string","description_kind":"plain","optional":true},"zone_id":{"type":"string","description_kind":"plain","optional":true}},"description_kind":"plain"}},"alicloud_instance_types":{"version":0,"block":{"attributes":{"availability_zone":{"type":"string","description_kind":"plain","optional":true},"cpu_core_count":{"type":"number","description_kind":"plain","optional":true},"eni_amount":{"type":"number","description_kind":"plain","optional":true},"gpu_amount":{"type":"number","description_kind":"plain","optional":true},"gpu_spec":{"type":"string","description_kind":"plain","optional":true},"id":{"type":"string","description_kind":"plain","optional":true,"computed":true},"ids":{"type":["list","string"],"description_kind":"plain","computed":true},"instance_charge_type":{"type":"string","description_kind":"plain","optional":true},"instance_type_family":{"type":"string","description_kind":"plain","optional":true},"instance_types":{"type":["list",["object",{"availability_zones":["list","string"],"burstable_instance":["map","string"],"cpu_core_count":"number","eni_amount":"number","family":"string","gpu":["map","string"],"id":"string","local_storage":["map","string"],"memory_size":"number","price":"string"}]],"description_kind":"plain","computed":true},"is_outdated":{"type":"bool","description_kind":"plain","optional":true},"kubernetes_node_role":{"type":"string","description_kind":"plain","optional":true},"memory_size":{"type":"number","description_kind":"plain","optional":true},"network_type":{"type":"string","description_kind":"plain","optional":true},"output_file":{"type":"string","description_kind":"plain","optional":true},"sorted_by":{"type":"string","description_kind":"plain","optional":true},"spot_strategy":{"type":"string","description_kind":"plain","optional":true},"system_disk_category":{"type":"string","description_kind":"plain","optional":true}},"description_kind":"plain"}},"alicloud_instances":{"version":0,"block":{"attributes":{"availability_zone":{"type":"string","description_kind":"plain","optional":true},"id":{"type":"string","description_kind":"plain","optional":true,"computed":true},"ids":{"type":["list","string"],"description_kind":"plain","optional":true,"computed":true},"image_id":{"type":"string","description_kind":"plain","optional":true},"instances":{"type":["list",["object",{"availability_zone":"string","creation_time":"string","description":"string","disk_device_mappings":["list",["object",{"category":"string","device":"string","size":"number","type":"string"}]],"eip":"string","id":"string","image_id":"string","instance_charge_type":"string","instance_type":"string","internet_charge_type":"string","internet_max_bandwidth_out":"number","key_name":"string","name":"string","private_ip":"string","public_ip":"string","ram_role_name":"string","region_id":"string","resource_group_id":"string","security_groups":["list","string"],"spot_strategy":"string","status":"string","tags":["map","string"],"vpc_id":"string","vswitch_id":"string"}]],"description_kind":"plain","computed":true},"name_regex":{"type":"string","description_kind":"plain","optional":true},"names":{"type":["list","string"],"description_kind":"plain","computed":true},"output_file":{"type":"string","description_kind":"plain","optional":true},"ram_role_name":{"type":"string","description_kind":"plain","optional":true},"resource_group_id":{"type":"string","description_kind":"plain","optional":true},"status":{"type":"string","description_kind":"plain","optional":true},"tags":{"type":["map","string"],"description_kind":"plain","optional":true},"vpc_id":{"type":"string","description_kind":"plain","optional":true},"vswitch_id":{"type":"string","description_kind":"plain","optional":true}},"description_kind":"plain"}},"alicloud_iot_service":{"version":0,"block":{"attributes":{"enable":{"type":"string","description_kind":"plain","optional":true},"id":{"type":"string","description_kind":"plain","optional":true,"computed":true},"status":{"type":"string","description_kind":"plain","computed":true}},"description_kind":"plain"}},"alicloud_key_pairs":{"version":0,"block":{"attributes":{"finger_print":{"type":"string","description_kind":"plain","optional":true},"id":{"type":"string","description_kind":"plain","optional":true,"computed":true},"ids":{"type":["list","string"],"description_kind":"plain","optional":true,"computed":true},"key_pairs":{"type":["list",["object",{"finger_print":"string","id":"string","instances":["list",["object",{"availability_zone":"string","description":"string","image_id":"string","instance_id":"string","instance_name":"string","instance_type":"string","key_name":"string","private_ip":"string","public_ip":"string","region_id":"string","status":"string","vswitch_id":"string"}]],"key_name":"string","key_pair_name":"string","resource_group_id":"string","tags":["map","string"]}]],"description_kind":"plain","computed":true},"name_regex":{"type":"string","description_kind":"plain","optional":true},"names":{"type":["list","string"],"description_kind":"plain","computed":true},"output_file":{"type":"string","description_kind":"plain","optional":true},"pairs":{"type":["list",["object",{"finger_print":"string","id":"string","instances":["list",["object",{"availability_zone":"string","description":"string","image_id":"string","instance_id":"string","instance_name":"string","instance_type":"string","key_name":"string","private_ip":"string","public_ip":"string","region_id":"string","status":"string","vswitch_id":"string"}]],"key_name":"string","key_pair_name":"string","resource_group_id":"string","tags":["map","string"]}]],"description_kind":"plain","computed":true},"resource_group_id":{"type":"string","description_kind":"plain","optional":true},"tags":{"type":["map","string"],"description_kind":"plain","optional":true}},"description_kind":"plain"}},"alicloud_kms_aliases":{"version":0,"block":{"attributes":{"aliases":{"type":["list",["object",{"alias_name":"string","id":"string","key_id":"string"}]],"description_kind":"plain","computed":true},"id":{"type":"string","description_kind":"plain","optional":true,"computed":true},"ids":{"type":["list","string"],"description_kind":"plain","optional":true,"computed":true},"name_regex":{"type":"string","description_kind":"plain","optional":true},"names":{"type":["list","string"],"description_kind":"plain","computed":true},"output_file":{"type":"string","description_kind":"plain","optional":true}},"description_kind":"plain"}},"alicloud_kms_ciphertext":{"version":0,"block":{"attributes":{"ciphertext_blob":{"type":"string","description_kind":"plain","computed":true},"encryption_context":{"type":["map","string"],"description_kind":"plain","optional":true},"id":{"type":"string","description_kind":"plain","optional":true,"computed":true},"key_id":{"type":"string","description_kind":"plain","required":true},"plaintext":{"type":"string","description_kind":"plain","required":true,"sensitive":true}},"description_kind":"plain"}},"alicloud_kms_key_versions":{"version":0,"block":{"attributes":{"id":{"type":"string","description_kind":"plain","optional":true,"computed":true},"ids":{"type":["list","string"],"description_kind":"plain","optional":true,"computed":true},"key_id":{"type":"string","description_kind":"plain","required":true},"output_file":{"type":"string","description_kind":"plain","optional":true},"versions":{"type":["list",["object",{"create_time":"string","creation_date":"string","id":"string","key_id":"string","key_version_id":"string"}]],"description_kind":"plain","computed":true}},"description_kind":"plain"}},"alicloud_kms_keys":{"version":0,"block":{"attributes":{"description_regex":{"type":"string","description_kind":"plain","optional":true},"enable_details":{"type":"bool","description_kind":"plain","optional":true},"filters":{"type":"string","description_kind":"plain","optional":true},"id":{"type":"string","description_kind":"plain","optional":true,"computed":true},"ids":{"type":["list","string"],"description_kind":"plain","optional":true,"computed":true},"keys":{"type":["list",["object",{"arn":"string","automatic_rotation":"string","creation_date":"string","creator":"string","delete_date":"string","description":"string","id":"string","key_id":"string","key_spec":"string","key_usage":"string","last_rotation_date":"string","material_expire_time":"string","next_rotation_date":"string","origin":"string","primary_key_version":"string","protection_level":"string","rotation_interval":"string","status":"string"}]],"description_kind":"plain","computed":true},"output_file":{"type":"string","description_kind":"plain","optional":true},"status":{"type":"string","description_kind":"plain","optional":true}},"description_kind":"plain"}},"alicloud_kms_plaintext":{"version":0,"block":{"attributes":{"ciphertext_blob":{"type":"string","description_kind":"plain","required":true},"encryption_context":{"type":["map","string"],"description_kind":"plain","optional":true},"id":{"type":"string","description_kind":"plain","optional":true,"computed":true},"key_id":{"type":"string","description_kind":"plain","computed":true},"plaintext":{"type":"string","description_kind":"plain","computed":true}},"description_kind":"plain"}},"alicloud_kms_secret_versions":{"version":0,"block":{"attributes":{"enable_details":{"type":"bool","description_kind":"plain","optional":true},"id":{"type":"string","description_kind":"plain","optional":true,"computed":true},"ids":{"type":["list","string"],"description_kind":"plain","optional":true,"computed":true},"include_deprecated":{"type":"string","description_kind":"plain","optional":true},"output_file":{"type":"string","description_kind":"plain","optional":true},"secret_name":{"type":"string","description_kind":"plain","required":true},"version_stage":{"type":"string","description_kind":"plain","optional":true},"versions":{"type":["list",["object",{"secret_data":"string","secret_data_type":"string","secret_name":"string","version_id":"string","version_stages":["list","string"]}]],"description_kind":"plain","computed":true}},"description_kind":"plain"}},"alicloud_kms_secrets":{"version":0,"block":{"attributes":{"enable_details":{"type":"bool","description_kind":"plain","optional":true},"fetch_tags":{"type":"bool","description_kind":"plain","optional":true},"filters":{"type":"string","description_kind":"plain","optional":true},"id":{"type":"string","description_kind":"plain","optional":true,"computed":true},"ids":{"type":["list","string"],"description_kind":"plain","optional":true,"computed":true},"name_regex":{"type":"string","description_kind":"plain","optional":true},"names":{"type":["list","string"],"description_kind":"plain","computed":true},"output_file":{"type":"string","description_kind":"plain","optional":true},"secrets":{"type":["list",["object",{"arn":"string","description":"string","encryption_key_id":"string","id":"string","planned_delete_time":"string","secret_data":"string","secret_data_type":"string","secret_name":"string","secret_type":"string","tags":["map","string"],"version_id":"string","version_stages":["list","string"]}]],"description_kind":"plain","computed":true},"tags":{"type":["map","string"],"description_kind":"plain","optional":true}},"description_kind":"plain"}},"alicloud_kms_service":{"version":0,"block":{"attributes":{"enable":{"type":"string","description_kind":"plain","optional":true},"id":{"type":"string","description_kind":"plain","optional":true,"computed":true},"status":{"type":"string","description_kind":"plain","computed":true}},"description_kind":"plain"}},"alicloud_kvstore_accounts":{"version":0,"block":{"attributes":{"account_name":{"type":"string","description_kind":"plain","optional":true},"accounts":{"type":["list",["object",{"account_name":"string","account_privilege":"string","account_type":"string","description":"string","id":"string","instance_id":"string","status":"string"}]],"description_kind":"plain","computed":true},"id":{"type":"string","description_kind":"plain","optional":true,"computed":true},"ids":{"type":["list","string"],"description_kind":"plain","computed":true},"instance_id":{"type":"string","description_kind":"plain","required":true},"name_regex":{"type":"string","description_kind":"plain","optional":true},"names":{"type":["list","string"],"description_kind":"plain","computed":true},"output_file":{"type":"string","description_kind":"plain","optional":true},"status":{"type":"string","description_kind":"plain","optional":true}},"description_kind":"plain"}},"alicloud_kvstore_connections":{"version":0,"block":{"attributes":{"connections":{"type":["list",["object",{"connection_string":"string","db_instance_net_type":"string","expired_time":"string","id":"string","instance_id":"string","ip_address":"string","port":"string","upgradeable":"string","vpc_id":"string","vpc_instance_id":"string","vswitch_id":"string"}]],"description_kind":"plain","computed":true},"id":{"type":"string","description_kind":"plain","optional":true,"computed":true},"ids":{"type":["list","string"],"description_kind":"plain","required":true},"output_file":{"type":"string","description_kind":"plain","optional":true}},"description_kind":"plain"}},"alicloud_kvstore_instance_classes":{"version":0,"block":{"attributes":{"architecture":{"type":"string","description_kind":"plain","optional":true},"classes":{"type":["list",["object",{"instance_class":"string","price":"string"}]],"description_kind":"plain","computed":true},"edition_type":{"type":"string","description_kind":"plain","optional":true},"engine":{"type":"string","description_kind":"plain","optional":true},"engine_version":{"type":"string","description_kind":"plain","optional":true},"id":{"type":"string","description_kind":"plain","optional":true,"computed":true},"instance_charge_type":{"type":"string","description_kind":"plain","optional":true},"instance_classes":{"type":["list","string"],"description_kind":"plain","computed":true},"node_type":{"type":"string","description_kind":"plain","optional":true},"output_file":{"type":"string","description_kind":"plain","optional":true},"package_type":{"type":"string","description_kind":"plain","optional":true},"performance_type":{"type":"string","description_kind":"plain","optional":true},"product_type":{"type":"string","description_kind":"plain","optional":true},"series_type":{"type":"string","description_kind":"plain","optional":true},"shard_number":{"type":"number","description_kind":"plain","optional":true},"sorted_by":{"type":"string","description_kind":"plain","optional":true},"storage_type":{"type":"string","description_kind":"plain","optional":true},"zone_id":{"type":"string","description_kind":"plain","required":true}},"description_kind":"plain"}},"alicloud_kvstore_instance_engines":{"version":0,"block":{"attributes":{"engine":{"type":"string","description_kind":"plain","optional":true},"engine_version":{"type":"string","description_kind":"plain","optional":true},"id":{"type":"string","description_kind":"plain","optional":true,"computed":true},"instance_charge_type":{"type":"string","description_kind":"plain","optional":true},"instance_engines":{"type":["list",["object",{"engine":"string","engine_version":"string","zone_id":"string"}]],"description_kind":"plain","computed":true},"output_file":{"type":"string","description_kind":"plain","optional":true},"zone_id":{"type":"string","description_kind":"plain","required":true}},"description_kind":"plain"}},"alicloud_kvstore_instances":{"version":0,"block":{"attributes":{"architecture_type":{"type":"string","description_kind":"plain","optional":true},"edition_type":{"type":"string","description_kind":"plain","optional":true},"enable_details":{"type":"bool","description_kind":"plain","optional":true},"engine_version":{"type":"string","description_kind":"plain","optional":true},"expired":{"type":"string","description_kind":"plain","optional":true},"global_instance":{"type":"bool","description_kind":"plain","optional":true},"id":{"type":"string","description_kind":"plain","optional":true,"computed":true},"ids":{"type":["list","string"],"description_kind":"plain","optional":true,"computed":true},"instance_class":{"type":"string","description_kind":"plain","optional":true},"instance_type":{"type":"string","description_kind":"plain","optional":true},"instances":{"type":["list",["object",{"architecture_type":"string","auto_renew":"bool","auto_renew_period":"number","availability_zone":"string","bandwidth":"number","capacity":"number","charge_type":"string","config":["map","string"],"connection_domain":"string","connection_mode":"string","connections":"number","create_time":"string","db_instance_id":"string","db_instance_name":"string","destroy_time":"string","end_time":"string","engine_version":"string","expire_time":"string","has_renew_change_order":"bool","id":"string","instance_class":"string","instance_release_protection":"bool","instance_type":"string","is_rds":"bool","maintain_end_time":"string","maintain_start_time":"string","max_connections":"number","name":"string","network_type":"string","node_type":"string","package_type":"string","payment_type":"string","port":"number","private_ip":"string","qps":"number","region_id":"string","replacate_id":"string","resource_group_id":"string","search_key":"string","secondary_zone_id":"string","security_group_id":"string","security_ip_group_attribute":"string","security_ip_group_name":"string","security_ips":["list","string"],"ssl_enable":"string","status":"string","tags":["map","string"],"user_name":"string","vpc_auth_mode":"string","vpc_cloud_instance_id":"string","vpc_id":"string","vswitch_id":"string","zone_id":"string"}]],"description_kind":"plain","computed":true},"name_regex":{"type":"string","description_kind":"plain","optional":true},"names":{"type":["list","string"],"description_kind":"plain","computed":true},"network_type":{"type":"string","description_kind":"plain","optional":true},"output_file":{"type":"string","description_kind":"plain","optional":true},"payment_type":{"type":"string","description_kind":"plain","optional":true},"resource_group_id":{"type":"string","description_kind":"plain","optional":true},"search_key":{"type":"string","description_kind":"plain","optional":true},"status":{"type":"string","description_kind":"plain","optional":true},"tags":{"type":["map","string"],"description_kind":"plain","optional":true},"vpc_id":{"type":"string","description_kind":"plain","optional":true},"vswitch_id":{"type":"string","description_kind":"plain","optional":true},"zone_id":{"type":"string","description_kind":"plain","optional":true}},"description_kind":"plain"}},"alicloud_kvstore_permission":{"version":0,"block":{"attributes":{"enable":{"type":"string","description_kind":"plain","optional":true},"id":{"type":"string","description_kind":"plain","optional":true,"computed":true},"status":{"type":"string","description_kind":"plain","computed":true}},"description_kind":"plain"}},"alicloud_kvstore_zones":{"version":0,"block":{"attributes":{"engine":{"type":"string","description_kind":"plain","optional":true},"id":{"type":"string","description_kind":"plain","optional":true,"computed":true},"ids":{"type":["list","string"],"description_kind":"plain","computed":true},"instance_charge_type":{"type":"string","description_kind":"plain","optional":true},"multi":{"type":"bool","description_kind":"plain","optional":true},"output_file":{"type":"string","description_kind":"plain","optional":true},"product_type":{"type":"string","description_kind":"plain","optional":true},"zones":{"type":["list",["object",{"id":"string","multi_zone_ids":["list","string"]}]],"description_kind":"plain","computed":true}},"description_kind":"plain"}},"alicloud_log_projects":{"version":0,"block":{"attributes":{"id":{"type":"string","description_kind":"plain","optional":true,"computed":true},"ids":{"type":["list","string"],"description_kind":"plain","optional":true,"computed":true},"name_regex":{"type":"string","description_kind":"plain","optional":true},"names":{"type":["list","string"],"description_kind":"plain","computed":true},"output_file":{"type":"string","description_kind":"plain","optional":true},"projects":{"type":["list",["object",{"description":"string","id":"string","last_modify_time":"string","owner":"string","project_name":"string","region":"string","status":"string"}]],"description_kind":"plain","computed":true},"status":{"type":"string","description_kind":"plain","optional":true}},"description_kind":"plain"}},"alicloud_log_service":{"version":0,"block":{"attributes":{"enable":{"type":"string","description_kind":"plain","optional":true},"id":{"type":"string","description_kind":"plain","optional":true,"computed":true},"status":{"type":"string","description_kind":"plain","computed":true}},"description_kind":"plain"}},"alicloud_log_stores":{"version":0,"block":{"attributes":{"id":{"type":"string","description_kind":"plain","optional":true,"computed":true},"ids":{"type":["list","string"],"description_kind":"plain","optional":true,"computed":true},"name_regex":{"type":"string","description_kind":"plain","optional":true},"names":{"type":["list","string"],"description_kind":"plain","computed":true},"output_file":{"type":"string","description_kind":"plain","optional":true},"project":{"type":"string","description_kind":"plain","required":true},"stores":{"type":["list",["object",{"id":"string","store_name":"string"}]],"description_kind":"plain","computed":true}},"description_kind":"plain"}},"alicloud_market_product":{"version":0,"block":{"attributes":{"available_region":{"type":"string","description_kind":"plain","optional":true},"id":{"type":"string","description_kind":"plain","optional":true,"computed":true},"product":{"type":["list",["object",{"code":"string","description":"string","name":"string","skus":["list",["object",{"images":["list",["object",{"image_id":"string","image_name":"string","region_id":"string"}]],"package_versions":["list",["object",{"package_name":"string","package_version":"string"}]],"sku_code":"string","sku_name":"string"}]]}]],"description_kind":"plain","computed":true},"product_code":{"type":"string","description_kind":"plain","required":true}},"description_kind":"plain"}},"alicloud_market_products":{"version":0,"block":{"attributes":{"category_id":{"type":"string","description_kind":"plain","optional":true},"id":{"type":"string","description_kind":"plain","optional":true,"computed":true},"ids":{"type":["list","string"],"description_kind":"plain","optional":true,"computed":true},"name_regex":{"type":"string","description_kind":"plain","optional":true},"output_file":{"type":"string","description_kind":"plain","optional":true},"product_type":{"type":"string","description_kind":"plain","optional":true},"products":{"type":["list",["object",{"category_id":"number","code":"string","delivery_date":"string","delivery_way":"string","image_url":"string","name":"string","operation_system":"string","score":"string","short_description":"string","suggested_price":"string","supplier_id":"number","supplier_name":"string","tags":"string","target_url":"string","warranty_date":"string"}]],"description_kind":"plain","computed":true},"search_term":{"type":"string","description_kind":"plain","optional":true},"sort":{"type":"string","description_kind":"plain","optional":true},"suggested_price":{"type":"number","description_kind":"plain","optional":true},"supplier_id":{"type":"string","description_kind":"plain","optional":true},"supplier_name_keyword":{"type":"string","description_kind":"plain","optional":true}},"description_kind":"plain"}},"alicloud_maxcompute_service":{"version":0,"block":{"attributes":{"enable":{"type":"string","description_kind":"plain","optional":true},"id":{"type":"string","description_kind":"plain","optional":true,"computed":true},"status":{"type":"string","description_kind":"plain","computed":true}},"description_kind":"plain"}},"alicloud_mns_queues":{"version":0,"block":{"attributes":{"id":{"type":"string","description_kind":"plain","optional":true,"computed":true},"name_prefix":{"type":"string","description_kind":"plain","optional":true},"names":{"type":["list","string"],"description_kind":"plain","computed":true},"output_file":{"type":"string","description_kind":"plain","optional":true},"queues":{"type":["list",["object",{"delay_seconds":"number","id":"string","maximum_message_size":"number","message_retention_period":"number","name":"string","polling_wait_seconds":"number","visibility_timeouts":"number"}]],"description_kind":"plain","computed":true}},"description_kind":"plain"}},"alicloud_mns_service":{"version":0,"block":{"attributes":{"enable":{"type":"string","description_kind":"plain","optional":true},"id":{"type":"string","description_kind":"plain","optional":true,"computed":true},"status":{"type":"string","description_kind":"plain","computed":true}},"description_kind":"plain"}},"alicloud_mns_topic_subscriptions":{"version":0,"block":{"attributes":{"id":{"type":"string","description_kind":"plain","optional":true,"computed":true},"name_prefix":{"type":"string","description_kind":"plain","optional":true},"names":{"type":["list","string"],"description_kind":"plain","computed":true},"output_file":{"type":"string","description_kind":"plain","optional":true},"subscriptions":{"type":["list",["object",{"endpoint":"string","filter_tag":"string","id":"string","name":"string","notify_content_format":"string","notify_strategy":"string","topic_name":"string"}]],"description_kind":"plain","computed":true},"topic_name":{"type":"string","description_kind":"plain","required":true}},"description_kind":"plain"}},"alicloud_mns_topics":{"version":0,"block":{"attributes":{"id":{"type":"string","description_kind":"plain","optional":true,"computed":true},"name_prefix":{"type":"string","description_kind":"plain","optional":true},"names":{"type":["list","string"],"description_kind":"plain","computed":true},"output_file":{"type":"string","description_kind":"plain","optional":true},"topics":{"type":["list",["object",{"id":"string","logging_enabled":"bool","maximum_message_size":"number","name":"string"}]],"description_kind":"plain","computed":true}},"description_kind":"plain"}},"alicloud_mongo_instances":{"version":0,"block":{"attributes":{"availability_zone":{"type":"string","description_kind":"plain","optional":true},"id":{"type":"string","description_kind":"plain","optional":true,"computed":true},"ids":{"type":["list","string"],"description_kind":"plain","optional":true,"computed":true},"instance_class":{"type":"string","description_kind":"plain","optional":true},"instance_type":{"type":"string","description_kind":"plain","optional":true},"instances":{"type":["list",["object",{"availability_zone":"string","charge_type":"string","creation_time":"string","engine":"string","engine_version":"string","expiration_time":"string","id":"string","instance_class":"string","instance_type":"string","lock_mode":"string","mongos":["list",["object",{"class":"string","description":"string","node_id":"string"}]],"name":"string","network_type":"string","region_id":"string","replication":"string","shards":["list",["object",{"class":"string","description":"string","node_id":"string","storage":"number"}]],"status":"string","storage":"number","tags":["map","string"]}]],"description_kind":"plain","computed":true},"name_regex":{"type":"string","description_kind":"plain","optional":true},"names":{"type":["list","string"],"description_kind":"plain","computed":true},"output_file":{"type":"string","description_kind":"plain","optional":true},"tags":{"type":["map","string"],"description_kind":"plain","optional":true}},"description_kind":"plain"}},"alicloud_mongodb_instances":{"version":0,"block":{"attributes":{"availability_zone":{"type":"string","description_kind":"plain","optional":true},"id":{"type":"string","description_kind":"plain","optional":true,"computed":true},"ids":{"type":["list","string"],"description_kind":"plain","optional":true,"computed":true},"instance_class":{"type":"string","description_kind":"plain","optional":true},"instance_type":{"type":"string","description_kind":"plain","optional":true},"instances":{"type":["list",["object",{"availability_zone":"string","charge_type":"string","creation_time":"string","engine":"string","engine_version":"string","expiration_time":"string","id":"string","instance_class":"string","instance_type":"string","lock_mode":"string","mongos":["list",["object",{"class":"string","description":"string","node_id":"string"}]],"name":"string","network_type":"string","region_id":"string","replication":"string","shards":["list",["object",{"class":"string","description":"string","node_id":"string","storage":"number"}]],"status":"string","storage":"number","tags":["map","string"]}]],"description_kind":"plain","computed":true},"name_regex":{"type":"string","description_kind":"plain","optional":true},"names":{"type":["list","string"],"description_kind":"plain","computed":true},"output_file":{"type":"string","description_kind":"plain","optional":true},"tags":{"type":["map","string"],"description_kind":"plain","optional":true}},"description_kind":"plain"}},"alicloud_mongodb_zones":{"version":0,"block":{"attributes":{"id":{"type":"string","description_kind":"plain","optional":true,"computed":true},"ids":{"type":["list","string"],"description_kind":"plain","computed":true},"multi":{"type":"bool","description_kind":"plain","optional":true},"output_file":{"type":"string","description_kind":"plain","optional":true},"zones":{"type":["list",["object",{"id":"string","multi_zone_ids":["list","string"]}]],"description_kind":"plain","computed":true}},"description_kind":"plain"}},"alicloud_mse_clusters":{"version":0,"block":{"attributes":{"cluster_alias_name":{"type":"string","description_kind":"plain","optional":true},"clusters":{"type":["list",["object",{"acl_id":"string","app_version":"string","cluster_id":"string","cluster_name":"string","cluster_type":"string","cpu":"number","health_status":"string","id":"string","init_cost_time":"number","instance_count":"number","instance_id":"string","instance_models":["list",["object",{"health_status":"string","instance_type":"string","internet_ip":"string","ip":"string","pod_name":"string","role":"string","single_tunnel_vip":"string","vip":"string"}]],"internet_address":"string","internet_domain":"string","internet_port":"string","intranet_address":"string","intranet_domain":"string","intranet_port":"string","memory_capacity":"number","pay_info":"string","pub_network_flow":"string","status":"string"}]],"description_kind":"plain","computed":true},"enable_details":{"type":"bool","description_kind":"plain","optional":true},"id":{"type":"string","description_kind":"plain","optional":true,"computed":true},"ids":{"type":["list","string"],"description_kind":"plain","optional":true,"computed":true},"name_regex":{"type":"string","description_kind":"plain","optional":true},"names":{"type":["list","string"],"description_kind":"plain","computed":true},"output_file":{"type":"string","description_kind":"plain","optional":true},"request_pars":{"type":"string","description_kind":"plain","optional":true},"status":{"type":"string","description_kind":"plain","optional":true}},"description_kind":"plain"}},"alicloud_nas_access_groups":{"version":0,"block":{"attributes":{"access_group_name":{"type":"string","description_kind":"plain","optional":true},"access_group_type":{"type":"string","description_kind":"plain","optional":true},"description":{"type":"string","description_kind":"plain","optional":true},"file_system_type":{"type":"string","description_kind":"plain","optional":true},"groups":{"type":["list",["object",{"access_group_name":"string","access_group_type":"string","description":"string","id":"string","mount_target_count":"number","rule_count":"number","type":"string"}]],"description_kind":"plain","computed":true},"id":{"type":"string","description_kind":"plain","optional":true,"computed":true},"ids":{"type":["list","string"],"description_kind":"plain","computed":true},"name_regex":{"type":"string","description_kind":"plain","optional":true},"names":{"type":["list","string"],"description_kind":"plain","computed":true},"output_file":{"type":"string","description_kind":"plain","optional":true},"type":{"type":"string","description_kind":"plain","optional":true},"useutc_date_time":{"type":"bool","description_kind":"plain","optional":true}},"description_kind":"plain"}},"alicloud_nas_access_rules":{"version":0,"block":{"attributes":{"access_group_name":{"type":"string","description_kind":"plain","required":true},"id":{"type":"string","description_kind":"plain","optional":true,"computed":true},"ids":{"type":["list","string"],"description_kind":"plain","optional":true,"computed":true},"output_file":{"type":"string","description_kind":"plain","optional":true},"rules":{"type":["list",["object",{"access_rule_id":"string","priority":"number","rw_access":"string","source_cidr_ip":"string","user_access":"string"}]],"description_kind":"plain","computed":true},"rw_access":{"type":"string","description_kind":"plain","optional":true},"source_cidr_ip":{"type":"string","description_kind":"plain","optional":true},"user_access":{"type":"string","description_kind":"plain","optional":true}},"description_kind":"plain"}},"alicloud_nas_file_systems":{"version":0,"block":{"attributes":{"description_regex":{"type":"string","description_kind":"plain","optional":true},"descriptions":{"type":["list","string"],"description_kind":"plain","computed":true},"id":{"type":"string","description_kind":"plain","optional":true,"computed":true},"ids":{"type":["list","string"],"description_kind":"plain","optional":true,"computed":true},"output_file":{"type":"string","description_kind":"plain","optional":true},"protocol_type":{"type":"string","description_kind":"plain","optional":true},"storage_type":{"type":"string","description_kind":"plain","optional":true},"systems":{"type":["list",["object",{"create_time":"string","description":"string","encrypt_type":"number","id":"string","metered_size":"number","protocol_type":"string","region_id":"string","storage_type":"string"}]],"description_kind":"plain","computed":true}},"description_kind":"plain"}},"alicloud_nas_mount_targets":{"version":0,"block":{"attributes":{"access_group_name":{"type":"string","description_kind":"plain","optional":true},"file_system_id":{"type":"string","description_kind":"plain","required":true},"id":{"type":"string","description_kind":"plain","optional":true,"computed":true},"ids":{"type":["list","string"],"description_kind":"plain","optional":true,"computed":true},"mount_target_domain":{"type":"string","description_kind":"plain","optional":true},"network_type":{"type":"string","description_kind":"plain","optional":true},"output_file":{"type":"string","description_kind":"plain","optional":true},"status":{"type":"string","description_kind":"plain","optional":true},"targets":{"type":["list",["object",{"access_group_name":"string","id":"string","mount_target_domain":"string","network_type":"string","status":"string","type":"string","vpc_id":"string","vswitch_id":"string"}]],"description_kind":"plain","computed":true},"type":{"type":"string","description_kind":"plain","optional":true},"vpc_id":{"type":"string","description_kind":"plain","optional":true},"vswitch_id":{"type":"string","description_kind":"plain","optional":true}},"description_kind":"plain"}},"alicloud_nas_protocols":{"version":0,"block":{"attributes":{"id":{"type":"string","description_kind":"plain","optional":true,"computed":true},"output_file":{"type":"string","description_kind":"plain","optional":true},"protocols":{"type":["list","string"],"description_kind":"plain","computed":true},"type":{"type":"string","description_kind":"plain","required":true},"zone_id":{"type":"string","description_kind":"plain","optional":true}},"description_kind":"plain"}},"alicloud_nas_service":{"version":0,"block":{"attributes":{"enable":{"type":"string","description_kind":"plain","optional":true},"id":{"type":"string","description_kind":"plain","optional":true,"computed":true},"status":{"type":"string","description_kind":"plain","computed":true}},"description_kind":"plain"}},"alicloud_nat_gateways":{"version":0,"block":{"attributes":{"dry_run":{"type":"bool","description_kind":"plain","optional":true},"enable_details":{"type":"bool","description_kind":"plain","optional":true},"gateways":{"type":["list",["object",{"business_status":"string","deletion_protection":"bool","description":"string","ecs_metric_enabled":"bool","expired_time":"string","forward_table_ids":["list","string"],"id":"string","internet_charge_type":"string","ip_lists":["list","string"],"name":"string","nat_gateway_id":"string","nat_gateway_name":"string","nat_type":"string","payment_type":"string","resource_group_id":"string","snat_table_ids":["list","string"],"spec":"string","specification":"string","status":"string","tags":["map","string"],"vpc_id":"string","vswitch_id":"string"}]],"description_kind":"plain","computed":true},"id":{"type":"string","description_kind":"plain","optional":true,"computed":true},"ids":{"type":["list","string"],"description_kind":"plain","optional":true,"computed":true},"name_regex":{"type":"string","description_kind":"plain","optional":true},"names":{"type":["list","string"],"description_kind":"plain","computed":true},"nat_gateway_name":{"type":"string","description_kind":"plain","optional":true},"nat_type":{"type":"string","description_kind":"plain","optional":true},"output_file":{"type":"string","description_kind":"plain","optional":true},"payment_type":{"type":"string","description_kind":"plain","optional":true},"resource_group_id":{"type":"string","description_kind":"plain","optional":true},"specification":{"type":"string","description_kind":"plain","optional":true},"status":{"type":"string","description_kind":"plain","optional":true},"tags":{"type":["map","string"],"description_kind":"plain","optional":true},"vpc_id":{"type":"string","description_kind":"plain","optional":true}},"description_kind":"plain"}},"alicloud_network_acls":{"version":0,"block":{"attributes":{"acls":{"type":["list",["object",{"description":"string","egress_acl_entries":["list",["object",{"description":"string","destination_cidr_ip":"string","network_acl_entry_name":"string","policy":"string","port":"string","protocol":"string"}]],"id":"string","ingress_acl_entries":["list",["object",{"description":"string","network_acl_entry_name":"string","policy":"string","port":"string","protocol":"string","source_cidr_ip":"string"}]],"network_acl_id":"string","network_acl_name":"string","resources":["list",["object",{"resource_id":"string","resource_type":"string","status":"string"}]],"status":"string","vpc_id":"string"}]],"description_kind":"plain","computed":true},"id":{"type":"string","description_kind":"plain","optional":true,"computed":true},"ids":{"type":["list","string"],"description_kind":"plain","optional":true,"computed":true},"name_regex":{"type":"string","description_kind":"plain","optional":true},"names":{"type":["list","string"],"description_kind":"plain","computed":true},"network_acl_name":{"type":"string","description_kind":"plain","optional":true},"output_file":{"type":"string","description_kind":"plain","optional":true},"resource_id":{"type":"string","description_kind":"plain","optional":true},"resource_type":{"type":"string","description_kind":"plain","optional":true},"status":{"type":"string","description_kind":"plain","optional":true},"vpc_id":{"type":"string","description_kind":"plain","optional":true}},"description_kind":"plain"}},"alicloud_network_interfaces":{"version":0,"block":{"attributes":{"id":{"type":"string","description_kind":"plain","optional":true,"computed":true},"ids":{"type":["list","string"],"description_kind":"plain","optional":true,"computed":true},"instance_id":{"type":"string","description_kind":"plain","optional":true},"interfaces":{"type":["list",["object",{"creation_time":"string","description":"string","id":"string","instance_id":"string","mac":"string","name":"string","network_interface_id":"string","network_interface_name":"string","primary_ip_address":"string","private_ip":"string","private_ip_addresses":["list","string"],"private_ips":["list","string"],"queue_number":"number","resource_group_id":"string","security_group_ids":["list","string"],"security_groups":["list","string"],"service_id":"number","service_managed":"bool","status":"string","tags":["map","string"],"type":"string","vpc_id":"string","vswitch_id":"string","zone_id":"string"}]],"description_kind":"plain","computed":true},"name":{"type":"string","description_kind":"plain","optional":true},"name_regex":{"type":"string","description_kind":"plain","optional":true},"names":{"type":["list","string"],"description_kind":"plain","computed":true},"network_interface_name":{"type":"string","description_kind":"plain","optional":true},"output_file":{"type":"string","description_kind":"plain","optional":true},"primary_ip_address":{"type":"string","description_kind":"plain","optional":true},"private_ip":{"type":"string","description_kind":"plain","optional":true},"resource_group_id":{"type":"string","description_kind":"plain","optional":true},"security_group_id":{"type":"string","description_kind":"plain","optional":true},"service_managed":{"type":"bool","description_kind":"plain","optional":true},"status":{"type":"string","description_kind":"plain","optional":true},"tags":{"type":["map","string"],"description_kind":"plain","optional":true},"type":{"type":"string","description_kind":"plain","optional":true},"vpc_id":{"type":"string","description_kind":"plain","optional":true},"vswitch_id":{"type":"string","description_kind":"plain","optional":true}},"description_kind":"plain"}},"alicloud_ons_groups":{"version":0,"block":{"attributes":{"group_id_regex":{"type":"string","description_kind":"plain","optional":true},"group_type":{"type":"string","description_kind":"plain","optional":true},"groups":{"type":["list",["object",{"group_name":"string","group_type":"string","id":"string","independent_naming":"bool","instance_id":"string","owner":"string","remark":"string","tags":["map","string"]}]],"description_kind":"plain","computed":true},"id":{"type":"string","description_kind":"plain","optional":true,"computed":true},"ids":{"type":["list","string"],"description_kind":"plain","optional":true,"computed":true},"instance_id":{"type":"string","description_kind":"plain","required":true},"name_regex":{"type":"string","description_kind":"plain","optional":true},"names":{"type":["list","string"],"description_kind":"plain","computed":true},"output_file":{"type":"string","description_kind":"plain","optional":true},"tags":{"type":["map","string"],"description_kind":"plain","optional":true}},"description_kind":"plain"}},"alicloud_ons_instances":{"version":0,"block":{"attributes":{"enable_details":{"type":"bool","description_kind":"plain","optional":true},"id":{"type":"string","description_kind":"plain","optional":true,"computed":true},"ids":{"type":["list","string"],"description_kind":"plain","optional":true,"computed":true},"instances":{"type":["list",["object",{"http_internal_endpoint":"string","http_internet_endpoint":"string","http_internet_secure_endpoint":"string","id":"string","independent_naming":"bool","instance_id":"string","instance_name":"string","instance_status":"number","instance_type":"number","release_time":"string","remark":"string","status":"number","tags":["map","string"],"tcp_endpoint":"string"}]],"description_kind":"plain","computed":true},"name_regex":{"type":"string","description_kind":"plain","optional":true},"names":{"type":["list","string"],"description_kind":"plain","computed":true},"output_file":{"type":"string","description_kind":"plain","optional":true},"status":{"type":"number","description_kind":"plain","optional":true},"tags":{"type":["map","string"],"description_kind":"plain","optional":true}},"description_kind":"plain"}},"alicloud_ons_service":{"version":0,"block":{"attributes":{"enable":{"type":"string","description_kind":"plain","optional":true},"id":{"type":"string","description_kind":"plain","optional":true,"computed":true},"status":{"type":"string","description_kind":"plain","computed":true}},"description_kind":"plain"}},"alicloud_ons_topics":{"version":0,"block":{"attributes":{"enable_details":{"type":"bool","description_kind":"plain","optional":true},"id":{"type":"string","description_kind":"plain","optional":true,"computed":true},"ids":{"type":["list","string"],"description_kind":"plain","optional":true,"computed":true},"instance_id":{"type":"string","description_kind":"plain","required":true},"name_regex":{"type":"string","description_kind":"plain","optional":true},"names":{"type":["list","string"],"description_kind":"plain","computed":true},"output_file":{"type":"string","description_kind":"plain","optional":true},"tags":{"type":["map","string"],"description_kind":"plain","optional":true},"topics":{"type":["list",["object",{"id":"string","independent_naming":"bool","instance_id":"string","message_type":"number","owner":"string","perm":"number","relation":"number","relation_name":"string","remark":"string","tags":["map","string"],"topic":"string","topic_name":"string"}]],"description_kind":"plain","computed":true}},"description_kind":"plain"}},"alicloud_oos_executions":{"version":0,"block":{"attributes":{"category":{"type":"string","description_kind":"plain","optional":true},"end_date":{"type":"string","description_kind":"plain","optional":true},"end_date_after":{"type":"string","description_kind":"plain","optional":true},"executed_by":{"type":"string","description_kind":"plain","optional":true},"executions":{"type":["list",["object",{"category":"string","counters":"string","create_date":"string","end_date":"string","executed_by":"string","execution_id":"string","id":"string","is_parent":"bool","mode":"string","outputs":"string","parameters":"string","parent_execution_id":"string","ram_role":"string","start_date":"string","status":"string","status_message":"string","status_reason":"string","template_id":"string","template_name":"string","template_version":"string","update_date":"string"}]],"description_kind":"plain","computed":true},"id":{"type":"string","description_kind":"plain","optional":true,"computed":true},"ids":{"type":["list","string"],"description_kind":"plain","optional":true,"computed":true},"include_child_execution":{"type":"bool","description_kind":"plain","optional":true},"mode":{"type":"string","description_kind":"plain","optional":true},"output_file":{"type":"string","description_kind":"plain","optional":true},"parent_execution_id":{"type":"string","description_kind":"plain","optional":true},"ram_role":{"type":"string","description_kind":"plain","optional":true},"sort_field":{"type":"string","description_kind":"plain","optional":true},"sort_order":{"type":"string","description_kind":"plain","optional":true},"start_date_after":{"type":"string","description_kind":"plain","optional":true},"start_date_before":{"type":"string","description_kind":"plain","optional":true},"status":{"type":"string","description_kind":"plain","optional":true},"tags":{"type":["map","string"],"description_kind":"plain","optional":true},"template_name":{"type":"string","description_kind":"plain","optional":true}},"description_kind":"plain"}},"alicloud_oos_templates":{"version":0,"block":{"attributes":{"category":{"type":"string","description_kind":"plain","optional":true},"created_by":{"type":"string","description_kind":"plain","optional":true},"created_date":{"type":"string","description_kind":"plain","optional":true},"created_date_after":{"type":"string","description_kind":"plain","optional":true},"has_trigger":{"type":"bool","description_kind":"plain","optional":true},"id":{"type":"string","description_kind":"plain","optional":true,"computed":true},"ids":{"type":["list","string"],"description_kind":"plain","optional":true,"computed":true},"name_regex":{"type":"string","description_kind":"plain","optional":true},"names":{"type":["list","string"],"description_kind":"plain","computed":true},"output_file":{"type":"string","description_kind":"plain","optional":true},"share_type":{"type":"string","description_kind":"plain","optional":true},"sort_field":{"type":"string","description_kind":"plain","optional":true},"sort_order":{"type":"string","description_kind":"plain","optional":true},"tags":{"type":["map","string"],"description_kind":"plain","optional":true},"template_format":{"type":"string","description_kind":"plain","optional":true},"template_type":{"type":"string","description_kind":"plain","optional":true},"templates":{"type":["list",["object",{"category":"string","created_by":"string","created_date":"string","description":"string","has_trigger":"bool","id":"string","share_type":"string","tags":["map","string"],"template_format":"string","template_id":"string","template_name":"string","template_type":"string","template_version":"string","updated_by":"string","updated_date":"string"}]],"description_kind":"plain","computed":true}},"description_kind":"plain"}},"alicloud_oss_bucket_objects":{"version":0,"block":{"attributes":{"bucket_name":{"type":"string","description_kind":"plain","required":true},"id":{"type":"string","description_kind":"plain","optional":true,"computed":true},"key_prefix":{"type":"string","description_kind":"plain","optional":true},"key_regex":{"type":"string","description_kind":"plain","optional":true},"objects":{"type":["list",["object",{"acl":"string","cache_control":"string","content_disposition":"string","content_encoding":"string","content_length":"string","content_md5":"string","content_type":"string","etag":"string","expires":"string","key":"string","last_modification_time":"string","server_side_encryption":"string","sse_kms_key_id":"string","storage_class":"string"}]],"description_kind":"plain","computed":true},"output_file":{"type":"string","description_kind":"plain","optional":true}},"description_kind":"plain"}},"alicloud_oss_buckets":{"version":0,"block":{"attributes":{"buckets":{"type":["list",["object",{"acl":"string","cors_rules":["list",["object",{"allowed_headers":["list","string"],"allowed_methods":["list","string"],"allowed_origins":["list","string"],"expose_headers":["list","string"],"max_age_seconds":"number"}]],"creation_date":"string","extranet_endpoint":"string","intranet_endpoint":"string","lifecycle_rule":["list",["object",{"enabled":"bool","expiration":["list",["object",{"date":"string","days":"number"}]],"id":"string","prefix":"string"}]],"location":"string","logging":["list",["object",{"target_bucket":"string","target_prefix":"string"}]],"name":"string","owner":"string","policy":"string","redundancy_type":"string","referer_config":["list",["object",{"allow_empty":"bool","referers":["list","string"]}]],"server_side_encryption_rule":["list",["object",{"kms_master_key_id":"string","sse_algorithm":"string"}]],"storage_class":"string","tags":["map","string"],"versioning":["list",["object",{"status":"string"}]],"website":["list",["object",{"error_document":"string","index_document":"string"}]]}]],"description_kind":"plain","computed":true},"id":{"type":"string","description_kind":"plain","optional":true,"computed":true},"name_regex":{"type":"string","description_kind":"plain","optional":true},"names":{"type":["list","string"],"description_kind":"plain","computed":true},"output_file":{"type":"string","description_kind":"plain","optional":true}},"description_kind":"plain"}},"alicloud_oss_service":{"version":0,"block":{"attributes":{"enable":{"type":"string","description_kind":"plain","optional":true},"id":{"type":"string","description_kind":"plain","optional":true,"computed":true},"status":{"type":"string","description_kind":"plain","computed":true}},"description_kind":"plain"}},"alicloud_ots_instance_attachments":{"version":0,"block":{"attributes":{"attachments":{"type":["list",["object",{"domain":"string","endpoint":"string","id":"string","instance_name":"string","region":"string","vpc_id":"string","vpc_name":"string"}]],"description_kind":"plain","computed":true},"id":{"type":"string","description_kind":"plain","optional":true,"computed":true},"instance_name":{"type":"string","description_kind":"plain","required":true},"name_regex":{"type":"string","description_kind":"plain","optional":true},"names":{"type":["list","string"],"description_kind":"plain","computed":true},"output_file":{"type":"string","description_kind":"plain","optional":true},"vpc_ids":{"type":["list","string"],"description_kind":"plain","computed":true}},"description_kind":"plain"}},"alicloud_ots_instances":{"version":0,"block":{"attributes":{"id":{"type":"string","description_kind":"plain","optional":true,"computed":true},"ids":{"type":["list","string"],"description_kind":"plain","optional":true,"computed":true},"instances":{"type":["list",["object",{"cluster_type":"string","create_time":"string","description":"string","entity_quota":"number","id":"string","name":"string","network":"string","read_capacity":"number","status":"string","tags":["map","string"],"user_id":"string","write_capacity":"number"}]],"description_kind":"plain","computed":true},"name_regex":{"type":"string","description_kind":"plain","optional":true},"names":{"type":["list","string"],"description_kind":"plain","computed":true},"output_file":{"type":"string","description_kind":"plain","optional":true},"tags":{"type":["map","string"],"description_kind":"plain","optional":true}},"description_kind":"plain"}},"alicloud_ots_service":{"version":0,"block":{"attributes":{"enable":{"type":"string","description_kind":"plain","optional":true},"id":{"type":"string","description_kind":"plain","optional":true,"computed":true},"status":{"type":"string","description_kind":"plain","computed":true}},"description_kind":"plain"}},"alicloud_ots_tables":{"version":0,"block":{"attributes":{"id":{"type":"string","description_kind":"plain","optional":true,"computed":true},"ids":{"type":["list","string"],"description_kind":"plain","optional":true,"computed":true},"instance_name":{"type":"string","description_kind":"plain","required":true},"name_regex":{"type":"string","description_kind":"plain","optional":true},"names":{"type":["list","string"],"description_kind":"plain","computed":true},"output_file":{"type":"string","description_kind":"plain","optional":true},"tables":{"type":["list",["object",{"id":"string","instance_name":"string","max_version":"number","primary_key":["list",["object",{"name":"string","type":"string"}]],"table_name":"string","time_to_live":"number"}]],"description_kind":"plain","computed":true}},"description_kind":"plain"}},"alicloud_polardb_accounts":{"version":0,"block":{"attributes":{"accounts":{"type":["list",["object",{"account_description":"string","account_lock_state":"string","account_name":"string","account_status":"string","account_type":"string","database_privileges":["list",["object",{"account_privilege":"string","db_name":"string"}]]}]],"description_kind":"plain","computed":true},"db_cluster_id":{"type":"string","description_kind":"plain","required":true},"id":{"type":"string","description_kind":"plain","optional":true,"computed":true},"name_regex":{"type":"string","description_kind":"plain","optional":true},"names":{"type":["list","string"],"description_kind":"plain","computed":true}},"description_kind":"plain"}},"alicloud_polardb_clusters":{"version":0,"block":{"attributes":{"clusters":{"type":["list",["object",{"charge_type":"string","create_time":"string","db_node_class":"string","db_node_number":"number","db_nodes":["list",["object",{"create_time":"string","db_node_class":"string","db_node_id":"string","db_node_role":"string","db_node_status":"string","max_connections":"number","max_iops":"number","region_id":"string","zone_id":"string"}]],"db_type":"string","db_version":"string","delete_lock":"number","description":"string","engine":"string","expire_time":"string","expired":"string","id":"string","lock_mode":"string","network_type":"string","region_id":"string","status":"string","storage_used":"number","vpc_id":"string","zone_id":"string"}]],"description_kind":"plain","computed":true},"db_type":{"type":"string","description_kind":"plain","optional":true},"description_regex":{"type":"string","description_kind":"plain","optional":true},"descriptions":{"type":["list","string"],"description_kind":"plain","computed":true},"id":{"type":"string","description_kind":"plain","optional":true,"computed":true},"ids":{"type":["list","string"],"description_kind":"plain","optional":true,"computed":true},"output_file":{"type":"string","description_kind":"plain","optional":true},"status":{"type":"string","description_kind":"plain","optional":true},"tags":{"type":["map","string"],"description_kind":"plain","optional":true}},"description_kind":"plain"}},"alicloud_polardb_databases":{"version":0,"block":{"attributes":{"databases":{"type":["list",["object",{"accounts":["list",["object",{"account_name":"string","account_status":"string","privilege_status":"string"}]],"character_set_name":"string","db_description":"string","db_name":"string","db_status":"string","engine":"string"}]],"description_kind":"plain","computed":true},"db_cluster_id":{"type":"string","description_kind":"plain","required":true},"id":{"type":"string","description_kind":"plain","optional":true,"computed":true},"name_regex":{"type":"string","description_kind":"plain","optional":true},"names":{"type":["list","string"],"description_kind":"plain","computed":true}},"description_kind":"plain"}},"alicloud_polardb_endpoints":{"version":0,"block":{"attributes":{"db_cluster_id":{"type":"string","description_kind":"plain","required":true},"db_endpoint_id":{"type":"string","description_kind":"plain","optional":true},"endpoints":{"type":["list",["object",{"address_items":["list",["object",{"connection_string":"string","ip_address":"string","net_type":"string","port":"string","vpc_id":"string","vswitch_id":"string"}]],"auto_add_new_nodes":"string","db_endpoint_id":"string","endpoint_config":"string","endpoint_type":"string","nodes":"string","read_write_mode":"string"}]],"description_kind":"plain","computed":true},"id":{"type":"string","description_kind":"plain","optional":true,"computed":true}},"description_kind":"plain"}},"alicloud_polardb_node_classes":{"version":0,"block":{"attributes":{"classes":{"type":["list",["object",{"supported_engines":["list",["object",{"available_resources":["list",["object",{"db_node_class":"string"}]],"engine":"string"}]],"zone_id":"string"}]],"description_kind":"plain","computed":true},"db_node_class":{"type":"string","description_kind":"plain","optional":true},"db_type":{"type":"string","description_kind":"plain","optional":true},"db_version":{"type":"string","description_kind":"plain","optional":true},"id":{"type":"string","description_kind":"plain","optional":true,"computed":true},"output_file":{"type":"string","description_kind":"plain","optional":true},"pay_type":{"type":"string","description_kind":"plain","required":true},"region_id":{"type":"string","description_kind":"plain","optional":true},"zone_id":{"type":"string","description_kind":"plain","optional":true}},"description_kind":"plain"}},"alicloud_polardb_zones":{"version":0,"block":{"attributes":{"id":{"type":"string","description_kind":"plain","optional":true,"computed":true},"ids":{"type":["list","string"],"description_kind":"plain","computed":true},"multi":{"type":"bool","description_kind":"plain","optional":true},"output_file":{"type":"string","description_kind":"plain","optional":true},"zones":{"type":["list",["object",{"id":"string","multi_zone_ids":["list","string"]}]],"description_kind":"plain","computed":true}},"description_kind":"plain"}},"alicloud_privatelink_service":{"version":0,"block":{"attributes":{"enable":{"type":"string","description_kind":"plain","optional":true},"id":{"type":"string","description_kind":"plain","optional":true,"computed":true},"status":{"type":"string","description_kind":"plain","computed":true}},"description_kind":"plain"}},"alicloud_privatelink_vpc_endpoint_connections":{"version":0,"block":{"attributes":{"connections":{"type":["list",["object",{"bandwidth":"number","endpoint_id":"string","id":"string","status":"string"}]],"description_kind":"plain","computed":true},"endpoint_id":{"type":"string","description_kind":"plain","optional":true},"endpoint_owner_id":{"type":"number","description_kind":"plain","optional":true},"id":{"type":"string","description_kind":"plain","optional":true,"computed":true},"ids":{"type":["list","string"],"description_kind":"plain","computed":true},"output_file":{"type":"string","description_kind":"plain","optional":true},"service_id":{"type":"string","description_kind":"plain","required":true},"status":{"type":"string","description_kind":"plain","optional":true}},"description_kind":"plain"}},"alicloud_privatelink_vpc_endpoint_service_resources":{"version":0,"block":{"attributes":{"id":{"type":"string","description_kind":"plain","optional":true,"computed":true},"ids":{"type":["list","string"],"description_kind":"plain","computed":true},"output_file":{"type":"string","description_kind":"plain","optional":true},"resources":{"type":["list",["object",{"id":"string","resource_id":"string","resource_type":"string"}]],"description_kind":"plain","computed":true},"service_id":{"type":"string","description_kind":"plain","required":true}},"description_kind":"plain"}},"alicloud_privatelink_vpc_endpoint_service_users":{"version":0,"block":{"attributes":{"id":{"type":"string","description_kind":"plain","optional":true,"computed":true},"ids":{"type":["list","string"],"description_kind":"plain","computed":true},"output_file":{"type":"string","description_kind":"plain","optional":true},"service_id":{"type":"string","description_kind":"plain","required":true},"user_id":{"type":"string","description_kind":"plain","optional":true},"users":{"type":["list",["object",{"id":"string","user_id":"string"}]],"description_kind":"plain","computed":true}},"description_kind":"plain"}},"alicloud_privatelink_vpc_endpoint_services":{"version":0,"block":{"attributes":{"auto_accept_connection":{"type":"bool","description_kind":"plain","optional":true},"id":{"type":"string","description_kind":"plain","optional":true,"computed":true},"ids":{"type":["list","string"],"description_kind":"plain","optional":true,"computed":true},"name_regex":{"type":"string","description_kind":"plain","optional":true},"names":{"type":["list","string"],"description_kind":"plain","computed":true},"output_file":{"type":"string","description_kind":"plain","optional":true},"service_business_status":{"type":"string","description_kind":"plain","optional":true},"services":{"type":["list",["object",{"auto_accept_connection":"bool","connect_bandwidth":"number","id":"string","service_business_status":"string","service_description":"string","service_domain":"string","service_id":"string","status":"string","vpc_endpoint_service_name":"string"}]],"description_kind":"plain","computed":true},"status":{"type":"string","description_kind":"plain","optional":true},"vpc_endpoint_service_name":{"type":"string","description_kind":"plain","optional":true}},"description_kind":"plain"}},"alicloud_privatelink_vpc_endpoint_zones":{"version":0,"block":{"attributes":{"endpoint_id":{"type":"string","description_kind":"plain","required":true},"id":{"type":"string","description_kind":"plain","optional":true,"computed":true},"ids":{"type":["list","string"],"description_kind":"plain","computed":true},"output_file":{"type":"string","description_kind":"plain","optional":true},"status":{"type":"string","description_kind":"plain","optional":true},"zones":{"type":["list",["object",{"eni_id":"string","eni_ip":"string","id":"string","status":"string","vswitch_id":"string","zone_domain":"string","zone_id":"string"}]],"description_kind":"plain","computed":true}},"description_kind":"plain"}},"alicloud_privatelink_vpc_endpoints":{"version":0,"block":{"attributes":{"connection_status":{"type":"string","description_kind":"plain","optional":true},"enable_details":{"type":"bool","description_kind":"plain","optional":true},"endpoints":{"type":["list",["object",{"bandwidth":"number","connection_status":"string","endpoint_business_status":"string","endpoint_description":"string","endpoint_domain":"string","endpoint_id":"string","id":"string","security_group_ids":["list","string"],"service_id":"string","service_name":"string","status":"string","vpc_endpoint_name":"string","vpc_id":"string"}]],"description_kind":"plain","computed":true},"id":{"type":"string","description_kind":"plain","optional":true,"computed":true},"ids":{"type":["list","string"],"description_kind":"plain","optional":true,"computed":true},"name_regex":{"type":"string","description_kind":"plain","optional":true},"names":{"type":["list","string"],"description_kind":"plain","computed":true},"output_file":{"type":"string","description_kind":"plain","optional":true},"service_name":{"type":"string","description_kind":"plain","optional":true},"status":{"type":"string","description_kind":"plain","optional":true},"vpc_endpoint_name":{"type":"string","description_kind":"plain","optional":true},"vpc_id":{"type":"string","description_kind":"plain","optional":true}},"description_kind":"plain"}},"alicloud_pvtz_service":{"version":0,"block":{"attributes":{"enable":{"type":"string","description_kind":"plain","optional":true},"id":{"type":"string","description_kind":"plain","optional":true,"computed":true},"status":{"type":"string","description_kind":"plain","computed":true}},"description_kind":"plain"}},"alicloud_pvtz_zone_records":{"version":0,"block":{"attributes":{"id":{"type":"string","description_kind":"plain","optional":true,"computed":true},"ids":{"type":["list","string"],"description_kind":"plain","optional":true,"computed":true},"keyword":{"type":"string","description_kind":"plain","optional":true},"lang":{"type":"string","description_kind":"plain","optional":true},"output_file":{"type":"string","description_kind":"plain","optional":true},"records":{"type":["list",["object",{"id":"string","priority":"number","record_id":"string","remark":"string","resource_record":"string","rr":"string","status":"string","ttl":"number","type":"string","value":"string"}]],"description_kind":"plain","computed":true},"search_mode":{"type":"string","description_kind":"plain","optional":true},"status":{"type":"string","description_kind":"plain","optional":true},"tag":{"type":"string","description_kind":"plain","optional":true},"user_client_ip":{"type":"string","description_kind":"plain","optional":true},"zone_id":{"type":"string","description_kind":"plain","required":true}},"description_kind":"plain"}},"alicloud_pvtz_zones":{"version":0,"block":{"attributes":{"enable_details":{"type":"bool","description_kind":"plain","optional":true},"id":{"type":"string","description_kind":"plain","optional":true,"computed":true},"ids":{"type":["list","string"],"description_kind":"plain","optional":true,"computed":true},"keyword":{"type":"string","description_kind":"plain","optional":true},"lang":{"type":"string","description_kind":"plain","optional":true},"name_regex":{"type":"string","description_kind":"plain","optional":true},"names":{"type":["list","string"],"description_kind":"plain","computed":true},"output_file":{"type":"string","description_kind":"plain","optional":true},"query_region_id":{"type":"string","description_kind":"plain","optional":true},"query_vpc_id":{"type":"string","description_kind":"plain","optional":true},"resource_group_id":{"type":"string","description_kind":"plain","optional":true},"search_mode":{"type":"string","description_kind":"plain","optional":true},"zones":{"type":["list",["object",{"bind_vpcs":["list",["object",{"region_id":"string","region_name":"string","vpc_id":"string","vpc_name":"string"}]],"create_timestamp":"number","creation_time":"string","id":"string","is_ptr":"bool","name":"string","proxy_pattern":"string","record_count":"number","remark":"string","resource_group_id":"string","slave_dns":"bool","update_time":"string","update_timestamp":"number","zone_id":"string","zone_name":"string"}]],"description_kind":"plain","computed":true}},"description_kind":"plain"}},"alicloud_quotas_application_infos":{"version":0,"block":{"attributes":{"applications":{"type":["list",["object",{"application_id":"string","approve_value":"string","audit_reason":"string","desire_value":"number","dimensions":["list",["object",{"key":"string","value":"string"}]],"effective_time":"string","expire_time":"string","id":"string","notice_type":"number","product_code":"string","quota_action_code":"string","quota_description":"string","quota_name":"string","quota_unit":"string","reason":"string","status":"string"}]],"description_kind":"plain","computed":true},"enable_details":{"type":"bool","description_kind":"plain","optional":true},"id":{"type":"string","description_kind":"plain","optional":true,"computed":true},"ids":{"type":["list","string"],"description_kind":"plain","optional":true,"computed":true},"key_word":{"type":"string","description_kind":"plain","optional":true},"output_file":{"type":"string","description_kind":"plain","optional":true},"product_code":{"type":"string","description_kind":"plain","required":true},"quota_action_code":{"type":"string","description_kind":"plain","optional":true},"quota_category":{"type":"string","description_kind":"plain","optional":true},"status":{"type":"string","description_kind":"plain","optional":true}},"block_types":{"dimensions":{"nesting_mode":"list","block":{"attributes":{"key":{"type":"string","description_kind":"plain","optional":true},"value":{"type":"string","description_kind":"plain","optional":true}},"description_kind":"plain"}}},"description_kind":"plain"}},"alicloud_quotas_quota_alarms":{"version":0,"block":{"attributes":{"alarms":{"type":["list",["object",{"alarm_id":"string","id":"string","product_code":"string","quota_action_code":"string","quota_alarm_name":"string","quota_dimensions":["list",["object",{"key":"string","value":"string"}]],"threshold":"number","threshold_percent":"number","web_hook":"string"}]],"description_kind":"plain","computed":true},"enable_details":{"type":"bool","description_kind":"plain","optional":true},"id":{"type":"string","description_kind":"plain","optional":true,"computed":true},"ids":{"type":["list","string"],"description_kind":"plain","optional":true,"computed":true},"name_regex":{"type":"string","description_kind":"plain","optional":true},"names":{"type":["list","string"],"description_kind":"plain","computed":true},"output_file":{"type":"string","description_kind":"plain","optional":true},"product_code":{"type":"string","description_kind":"plain","optional":true},"quota_action_code":{"type":"string","description_kind":"plain","optional":true},"quota_alarm_name":{"type":"string","description_kind":"plain","optional":true}},"block_types":{"quota_dimensions":{"nesting_mode":"list","block":{"attributes":{"key":{"type":"string","description_kind":"plain","optional":true},"value":{"type":"string","description_kind":"plain","optional":true}},"description_kind":"plain"}}},"description_kind":"plain"}},"alicloud_quotas_quota_applications":{"version":0,"block":{"attributes":{"applications":{"type":["list",["object",{"application_id":"string","approve_value":"string","audit_reason":"string","desire_value":"number","dimensions":["list",["object",{"key":"string","value":"string"}]],"effective_time":"string","expire_time":"string","id":"string","notice_type":"number","product_code":"string","quota_action_code":"string","quota_description":"string","quota_name":"string","quota_unit":"string","reason":"string","status":"string"}]],"description_kind":"plain","computed":true},"enable_details":{"type":"bool","description_kind":"plain","optional":true},"id":{"type":"string","description_kind":"plain","optional":true,"computed":true},"ids":{"type":["list","string"],"description_kind":"plain","optional":true,"computed":true},"key_word":{"type":"string","description_kind":"plain","optional":true},"output_file":{"type":"string","description_kind":"plain","optional":true},"product_code":{"type":"string","description_kind":"plain","required":true},"quota_action_code":{"type":"string","description_kind":"plain","optional":true},"quota_category":{"type":"string","description_kind":"plain","optional":true},"status":{"type":"string","description_kind":"plain","optional":true}},"block_types":{"dimensions":{"nesting_mode":"list","block":{"attributes":{"key":{"type":"string","description_kind":"plain","optional":true},"value":{"type":"string","description_kind":"plain","optional":true}},"description_kind":"plain"}}},"description_kind":"plain"}},"alicloud_quotas_quotas":{"version":0,"block":{"attributes":{"group_code":{"type":"string","description_kind":"plain","optional":true},"id":{"type":"string","description_kind":"plain","optional":true,"computed":true},"ids":{"type":["list","string"],"description_kind":"plain","computed":true},"key_word":{"type":"string","description_kind":"plain","optional":true},"name_regex":{"type":"string","description_kind":"plain","optional":true},"names":{"type":["list","string"],"description_kind":"plain","computed":true},"output_file":{"type":"string","description_kind":"plain","optional":true},"product_code":{"type":"string","description_kind":"plain","required":true},"quota_action_code":{"type":"string","description_kind":"plain","optional":true},"quota_category":{"type":"string","description_kind":"plain","optional":true},"quotas":{"type":["list",["object",{"adjustable":"bool","applicable_range":["list","string"],"applicable_type":"string","consumable":"bool","id":"string","quota_action_code":"string","quota_description":"string","quota_name":"string","quota_type":"string","quota_unit":"string","total_quota":"number","total_usage":"number","unadjustable_detail":"string"}]],"description_kind":"plain","computed":true},"sort_field":{"type":"string","description_kind":"plain","optional":true},"sort_order":{"type":"string","description_kind":"plain","optional":true}},"block_types":{"dimensions":{"nesting_mode":"list","block":{"attributes":{"key":{"type":"string","description_kind":"plain","optional":true},"value":{"type":"string","description_kind":"plain","optional":true}},"description_kind":"plain"}}},"description_kind":"plain"}},"alicloud_ram_account_alias":{"version":0,"block":{"attributes":{"account_alias":{"type":"string","description_kind":"plain","computed":true},"id":{"type":"string","description_kind":"plain","optional":true,"computed":true},"output_file":{"type":"string","description_kind":"plain","optional":true}},"description_kind":"plain"}},"alicloud_ram_account_aliases":{"version":0,"block":{"attributes":{"account_alias":{"type":"string","description_kind":"plain","computed":true},"id":{"type":"string","description_kind":"plain","optional":true,"computed":true},"output_file":{"type":"string","description_kind":"plain","optional":true}},"description_kind":"plain"}},"alicloud_ram_groups":{"version":0,"block":{"attributes":{"groups":{"type":["list",["object",{"comments":"string","name":"string"}]],"description_kind":"plain","computed":true},"id":{"type":"string","description_kind":"plain","optional":true,"computed":true},"name_regex":{"type":"string","description_kind":"plain","optional":true},"names":{"type":["list","string"],"description_kind":"plain","computed":true},"output_file":{"type":"string","description_kind":"plain","optional":true},"policy_name":{"type":"string","description_kind":"plain","optional":true},"policy_type":{"type":"string","description_kind":"plain","optional":true},"user_name":{"type":"string","description_kind":"plain","optional":true}},"description_kind":"plain"}},"alicloud_ram_policies":{"version":0,"block":{"attributes":{"enable_details":{"type":"bool","description_kind":"plain","optional":true},"group_name":{"type":"string","description_kind":"plain","optional":true},"id":{"type":"string","description_kind":"plain","optional":true,"computed":true},"ids":{"type":["list","string"],"description_kind":"plain","optional":true,"computed":true},"name_regex":{"type":"string","description_kind":"plain","optional":true},"names":{"type":["list","string"],"description_kind":"plain","computed":true},"output_file":{"type":"string","description_kind":"plain","optional":true},"policies":{"type":["list",["object",{"attachment_count":"number","create_date":"string","default_version":"string","description":"string","document":"string","id":"string","name":"string","policy_document":"string","policy_name":"string","type":"string","update_date":"string","user_name":"string","version_id":"string"}]],"description_kind":"plain","computed":true},"role_name":{"type":"string","description_kind":"plain","optional":true},"type":{"type":"string","description_kind":"plain","optional":true},"user_name":{"type":"string","description_kind":"plain","optional":true}},"description_kind":"plain"}},"alicloud_ram_roles":{"version":0,"block":{"attributes":{"id":{"type":"string","description_kind":"plain","optional":true,"computed":true},"ids":{"type":["list","string"],"description_kind":"plain","optional":true,"computed":true},"name_regex":{"type":"string","description_kind":"plain","optional":true},"names":{"type":["list","string"],"description_kind":"plain","computed":true},"output_file":{"type":"string","description_kind":"plain","optional":true},"policy_name":{"type":"string","description_kind":"plain","optional":true},"policy_type":{"type":"string","description_kind":"plain","optional":true},"roles":{"type":["list",["object",{"arn":"string","assume_role_policy_document":"string","create_date":"string","description":"string","document":"string","id":"string","name":"string","update_date":"string"}]],"description_kind":"plain","computed":true}},"description_kind":"plain"}},"alicloud_ram_saml_providers":{"version":0,"block":{"attributes":{"enable_details":{"type":"bool","description_kind":"plain","optional":true},"id":{"type":"string","description_kind":"plain","optional":true,"computed":true},"ids":{"type":["list","string"],"description_kind":"plain","optional":true,"computed":true},"name_regex":{"type":"string","description_kind":"plain","optional":true},"names":{"type":["list","string"],"description_kind":"plain","computed":true},"output_file":{"type":"string","description_kind":"plain","optional":true},"providers":{"type":["list",["object",{"arn":"string","description":"string","encodedsaml_metadata_document":"string","id":"string","saml_provider_name":"string","update_date":"string"}]],"description_kind":"plain","computed":true}},"description_kind":"plain"}},"alicloud_ram_users":{"version":0,"block":{"attributes":{"group_name":{"type":"string","description_kind":"plain","optional":true},"id":{"type":"string","description_kind":"plain","optional":true,"computed":true},"ids":{"type":["list","string"],"description_kind":"plain","optional":true,"computed":true},"name_regex":{"type":"string","description_kind":"plain","optional":true},"names":{"type":["list","string"],"description_kind":"plain","computed":true},"output_file":{"type":"string","description_kind":"plain","optional":true},"policy_name":{"type":"string","description_kind":"plain","optional":true},"policy_type":{"type":"string","description_kind":"plain","optional":true},"users":{"type":["list",["object",{"create_date":"string","id":"string","last_login_date":"string","name":"string"}]],"description_kind":"plain","computed":true}},"description_kind":"plain"}},"alicloud_rds_accounts":{"version":0,"block":{"attributes":{"accounts":{"type":["list",["object",{"account_description":"string","account_name":"string","account_type":"string","database_privileges":["list",["object",{"account_privilege":"string","account_privilege_detail":"string","db_name":"string"}]],"id":"string","priv_exceeded":"string","status":"string"}]],"description_kind":"plain","computed":true},"db_instance_id":{"type":"string","description_kind":"plain","required":true},"id":{"type":"string","description_kind":"plain","optional":true,"computed":true},"ids":{"type":["list","string"],"description_kind":"plain","optional":true,"computed":true},"name_regex":{"type":"string","description_kind":"plain","optional":true},"names":{"type":["list","string"],"description_kind":"plain","computed":true},"output_file":{"type":"string","description_kind":"plain","optional":true},"status":{"type":"string","description_kind":"plain","optional":true}},"description_kind":"plain"}},"alicloud_rds_parameter_groups":{"version":0,"block":{"attributes":{"enable_details":{"type":"bool","description_kind":"plain","optional":true},"groups":{"type":["list",["object",{"engine":"string","engine_version":"string","force_restart":"number","id":"string","param_counts":"number","param_detail":["list",["object",{"param_name":"string","param_value":"string"}]],"parameter_group_desc":"string","parameter_group_id":"string","parameter_group_name":"string","parameter_group_type":"number"}]],"description_kind":"plain","computed":true},"id":{"type":"string","description_kind":"plain","optional":true,"computed":true},"ids":{"type":["list","string"],"description_kind":"plain","optional":true,"computed":true},"name_regex":{"type":"string","description_kind":"plain","optional":true},"names":{"type":["list","string"],"description_kind":"plain","computed":true},"output_file":{"type":"string","description_kind":"plain","optional":true}},"description_kind":"plain"}},"alicloud_regions":{"version":0,"block":{"attributes":{"current":{"type":"bool","description_kind":"plain","optional":true,"computed":true},"id":{"type":"string","description_kind":"plain","optional":true,"computed":true},"ids":{"type":["list","string"],"description_kind":"plain","computed":true},"name":{"type":"string","description_kind":"plain","optional":true,"computed":true},"output_file":{"type":"string","description_kind":"plain","optional":true},"regions":{"type":["list",["object",{"id":"string","local_name":"string","region_id":"string"}]],"description_kind":"plain","computed":true}},"description_kind":"plain"}},"alicloud_resource_manager_accounts":{"version":0,"block":{"attributes":{"accounts":{"type":["list",["object",{"account_id":"string","account_name":"string","display_name":"string","folder_id":"string","id":"string","join_method":"string","join_time":"string","modify_time":"string","payer_account_id":"string","resource_directory_id":"string","status":"string","type":"string"}]],"description_kind":"plain","computed":true},"enable_details":{"type":"bool","description_kind":"plain","optional":true},"id":{"type":"string","description_kind":"plain","optional":true,"computed":true},"ids":{"type":["list","string"],"description_kind":"plain","optional":true,"computed":true},"output_file":{"type":"string","description_kind":"plain","optional":true},"status":{"type":"string","description_kind":"plain","optional":true}},"description_kind":"plain"}},"alicloud_resource_manager_control_policies":{"version":0,"block":{"attributes":{"enable_details":{"type":"bool","description_kind":"plain","optional":true},"id":{"type":"string","description_kind":"plain","optional":true,"computed":true},"ids":{"type":["list","string"],"description_kind":"plain","optional":true,"computed":true},"language":{"type":"string","description_kind":"plain","optional":true},"name_regex":{"type":"string","description_kind":"plain","optional":true},"names":{"type":["list","string"],"description_kind":"plain","computed":true},"output_file":{"type":"string","description_kind":"plain","optional":true},"policies":{"type":["list",["object",{"attachment_count":"number","control_policy_name":"string","description":"string","effect_scope":"string","id":"string","policy_document":"string","policy_id":"string","policy_type":"string"}]],"description_kind":"plain","computed":true},"policy_type":{"type":"string","description_kind":"plain","optional":true}},"description_kind":"plain"}},"alicloud_resource_manager_control_policy_attachments":{"version":0,"block":{"attributes":{"attachments":{"type":["list",["object",{"attach_date":"string","description":"string","id":"string","policy_id":"string","policy_name":"string","policy_type":"string"}]],"description_kind":"plain","computed":true},"id":{"type":"string","description_kind":"plain","optional":true,"computed":true},"ids":{"type":["list","string"],"description_kind":"plain","computed":true},"language":{"type":"string","description_kind":"plain","optional":true},"output_file":{"type":"string","description_kind":"plain","optional":true},"policy_type":{"type":"string","description_kind":"plain","optional":true},"target_id":{"type":"string","description_kind":"plain","required":true}},"description_kind":"plain"}},"alicloud_resource_manager_folders":{"version":0,"block":{"attributes":{"enable_details":{"type":"bool","description_kind":"plain","optional":true},"folders":{"type":["list",["object",{"folder_id":"string","folder_name":"string","id":"string","parent_folder_id":"string"}]],"description_kind":"plain","computed":true},"id":{"type":"string","description_kind":"plain","optional":true,"computed":true},"ids":{"type":["list","string"],"description_kind":"plain","optional":true,"computed":true},"name_regex":{"type":"string","description_kind":"plain","optional":true},"names":{"type":["list","string"],"description_kind":"plain","computed":true},"output_file":{"type":"string","description_kind":"plain","optional":true},"parent_folder_id":{"type":"string","description_kind":"plain","optional":true},"query_keyword":{"type":"string","description_kind":"plain","optional":true}},"description_kind":"plain"}},"alicloud_resource_manager_handshakes":{"version":0,"block":{"attributes":{"enable_details":{"type":"bool","description_kind":"plain","optional":true},"handshakes":{"type":["list",["object",{"expire_time":"string","handshake_id":"string","id":"string","invited_account_real_name":"string","master_account_id":"string","master_account_name":"string","master_account_real_name":"string","modify_time":"string","note":"string","resource_directory_id":"string","status":"string","target_entity":"string","target_type":"string"}]],"description_kind":"plain","computed":true},"id":{"type":"string","description_kind":"plain","optional":true,"computed":true},"ids":{"type":["list","string"],"description_kind":"plain","optional":true,"computed":true},"output_file":{"type":"string","description_kind":"plain","optional":true},"status":{"type":"string","description_kind":"plain","optional":true}},"description_kind":"plain"}},"alicloud_resource_manager_policies":{"version":0,"block":{"attributes":{"id":{"type":"string","description_kind":"plain","optional":true,"computed":true},"ids":{"type":["list","string"],"description_kind":"plain","optional":true,"computed":true},"name_regex":{"type":"string","description_kind":"plain","optional":true},"names":{"type":["list","string"],"description_kind":"plain","computed":true},"output_file":{"type":"string","description_kind":"plain","optional":true},"policies":{"type":["list",["object",{"attachment_count":"number","default_version":"string","description":"string","id":"string","policy_name":"string","policy_type":"string","update_date":"string"}]],"description_kind":"plain","computed":true},"policy_type":{"type":"string","description_kind":"plain","optional":true}},"description_kind":"plain"}},"alicloud_resource_manager_policy_attachments":{"version":0,"block":{"attributes":{"attachments":{"type":["list",["object",{"attach_date":"string","description":"string","id":"string","policy_name":"string","policy_type":"string","principal_name":"string","principal_type":"string","resource_group_id":"string"}]],"description_kind":"plain","computed":true},"id":{"type":"string","description_kind":"plain","optional":true,"computed":true},"ids":{"type":["list","string"],"description_kind":"plain","computed":true},"language":{"type":"string","description_kind":"plain","optional":true},"output_file":{"type":"string","description_kind":"plain","optional":true},"policy_name":{"type":"string","description_kind":"plain","optional":true},"policy_type":{"type":"string","description_kind":"plain","optional":true},"principal_name":{"type":"string","description_kind":"plain","optional":true},"principal_type":{"type":"string","description_kind":"plain","optional":true},"resource_group_id":{"type":"string","description_kind":"plain","optional":true}},"description_kind":"plain"}},"alicloud_resource_manager_policy_versions":{"version":0,"block":{"attributes":{"enable_details":{"type":"bool","description_kind":"plain","optional":true},"id":{"type":"string","description_kind":"plain","optional":true,"computed":true},"ids":{"type":["list","string"],"description_kind":"plain","optional":true,"computed":true},"output_file":{"type":"string","description_kind":"plain","optional":true},"policy_name":{"type":"string","description_kind":"plain","required":true},"policy_type":{"type":"string","description_kind":"plain","required":true},"versions":{"type":["list",["object",{"id":"string","is_default_version":"bool","policy_document":"string","version_id":"string"}]],"description_kind":"plain","computed":true}},"description_kind":"plain"}},"alicloud_resource_manager_resource_directories":{"version":0,"block":{"attributes":{"directories":{"type":["list",["object",{"id":"string","master_account_id":"string","master_account_name":"string","resource_directory_id":"string","root_folder_id":"string","status":"string"}]],"description_kind":"plain","computed":true},"id":{"type":"string","description_kind":"plain","optional":true,"computed":true},"output_file":{"type":"string","description_kind":"plain","optional":true}},"description_kind":"plain"}},"alicloud_resource_manager_resource_groups":{"version":0,"block":{"attributes":{"enable_details":{"type":"bool","description_kind":"plain","optional":true},"groups":{"type":["list",["object",{"account_id":"string","display_name":"string","id":"string","name":"string","region_statuses":["list",["object",{"region_id":"string","status":"string"}]],"resource_group_name":"string","status":"string"}]],"description_kind":"plain","computed":true},"id":{"type":"string","description_kind":"plain","optional":true,"computed":true},"ids":{"type":["list","string"],"description_kind":"plain","optional":true,"computed":true},"name_regex":{"type":"string","description_kind":"plain","optional":true},"names":{"type":["list","string"],"description_kind":"plain","computed":true},"output_file":{"type":"string","description_kind":"plain","optional":true},"status":{"type":"string","description_kind":"plain","optional":true}},"description_kind":"plain"}},"alicloud_resource_manager_resource_shares":{"version":0,"block":{"attributes":{"id":{"type":"string","description_kind":"plain","optional":true,"computed":true},"ids":{"type":["list","string"],"description_kind":"plain","optional":true,"computed":true},"name_regex":{"type":"string","description_kind":"plain","optional":true},"names":{"type":["list","string"],"description_kind":"plain","computed":true},"output_file":{"type":"string","description_kind":"plain","optional":true},"resource_share_name":{"type":"string","description_kind":"plain","optional":true},"resource_share_owner":{"type":"string","description_kind":"plain","required":true},"shares":{"type":["list",["object",{"id":"string","resource_share_id":"string","resource_share_name":"string","resource_share_owner":"string","status":"string"}]],"description_kind":"plain","computed":true},"status":{"type":"string","description_kind":"plain","optional":true}},"description_kind":"plain"}},"alicloud_resource_manager_roles":{"version":0,"block":{"attributes":{"enable_details":{"type":"bool","description_kind":"plain","optional":true},"id":{"type":"string","description_kind":"plain","optional":true,"computed":true},"ids":{"type":["list","string"],"description_kind":"plain","optional":true,"computed":true},"name_regex":{"type":"string","description_kind":"plain","optional":true},"names":{"type":["list","string"],"description_kind":"plain","computed":true},"output_file":{"type":"string","description_kind":"plain","optional":true},"roles":{"type":["list",["object",{"arn":"string","assume_role_policy_document":"string","description":"string","id":"string","max_session_duration":"number","role_id":"string","role_name":"string","update_date":"string"}]],"description_kind":"plain","computed":true}},"description_kind":"plain"}},"alicloud_resource_manager_shared_resources":{"version":0,"block":{"attributes":{"id":{"type":"string","description_kind":"plain","optional":true,"computed":true},"ids":{"type":["list","string"],"description_kind":"plain","optional":true,"computed":true},"output_file":{"type":"string","description_kind":"plain","optional":true},"resource_share_id":{"type":"string","description_kind":"plain","optional":true},"resources":{"type":["list",["object",{"id":"string","resource_id":"string","resource_share_id":"string","resource_type":"string","status":"string"}]],"description_kind":"plain","computed":true},"status":{"type":"string","description_kind":"plain","optional":true}},"description_kind":"plain"}},"alicloud_resource_manager_shared_targets":{"version":0,"block":{"attributes":{"id":{"type":"string","description_kind":"plain","optional":true,"computed":true},"ids":{"type":["list","string"],"description_kind":"plain","optional":true,"computed":true},"output_file":{"type":"string","description_kind":"plain","optional":true},"resource_share_id":{"type":"string","description_kind":"plain","optional":true},"status":{"type":"string","description_kind":"plain","optional":true},"targets":{"type":["list",["object",{"id":"string","resource_share_id":"string","status":"string","target_id":"string"}]],"description_kind":"plain","computed":true}},"description_kind":"plain"}},"alicloud_ros_change_sets":{"version":0,"block":{"attributes":{"change_set_name":{"type":"string","description_kind":"plain","optional":true},"enable_details":{"type":"bool","description_kind":"plain","optional":true},"id":{"type":"string","description_kind":"plain","optional":true,"computed":true},"ids":{"type":["list","string"],"description_kind":"plain","optional":true,"computed":true},"name_regex":{"type":"string","description_kind":"plain","optional":true},"names":{"type":["list","string"],"description_kind":"plain","computed":true},"output_file":{"type":"string","description_kind":"plain","optional":true},"sets":{"type":["list",["object",{"change_set_id":"string","change_set_name":"string","change_set_type":"string","description":"string","disable_rollback":"bool","execution_status":"string","id":"string","parameters":["list",["object",{"parameter_key":"string","parameter_value":"string"}]],"stack_id":"string","stack_name":"string","status":"string","template_body":"string","timeout_in_minutes":"number"}]],"description_kind":"plain","computed":true},"stack_id":{"type":"string","description_kind":"plain","required":true},"status":{"type":"string","description_kind":"plain","optional":true}},"description_kind":"plain"}},"alicloud_ros_stack_groups":{"version":0,"block":{"attributes":{"enable_details":{"type":"bool","description_kind":"plain","optional":true},"groups":{"type":["list",["object",{"administration_role_name":"string","description":"string","execution_role_name":"string","id":"string","parameters":["list",["object",{"parameter_key":"string","parameter_value":"string"}]],"stack_group_id":"string","stack_group_name":"string","status":"string","template_body":"string"}]],"description_kind":"plain","computed":true},"id":{"type":"string","description_kind":"plain","optional":true,"computed":true},"ids":{"type":["list","string"],"description_kind":"plain","optional":true,"computed":true},"name_regex":{"type":"string","description_kind":"plain","optional":true},"names":{"type":["list","string"],"description_kind":"plain","computed":true},"output_file":{"type":"string","description_kind":"plain","optional":true},"status":{"type":"string","description_kind":"plain","optional":true}},"description_kind":"plain"}},"alicloud_ros_stacks":{"version":0,"block":{"attributes":{"enable_details":{"type":"bool","description_kind":"plain","optional":true},"id":{"type":"string","description_kind":"plain","optional":true,"computed":true},"ids":{"type":["list","string"],"description_kind":"plain","optional":true,"computed":true},"name_regex":{"type":"string","description_kind":"plain","optional":true},"names":{"type":["list","string"],"description_kind":"plain","computed":true},"output_file":{"type":"string","description_kind":"plain","optional":true},"parent_stack_id":{"type":"string","description_kind":"plain","optional":true},"show_nested_stack":{"type":"bool","description_kind":"plain","optional":true},"stack_name":{"type":"string","description_kind":"plain","optional":true},"stacks":{"type":["list",["object",{"deletion_protection":"string","description":"string","disable_rollback":"bool","drift_detection_time":"string","id":"string","parameters":["list",["object",{"parameter_key":"string","parameter_value":"string"}]],"parent_stack_id":"string","ram_role_name":"string","root_stack_id":"string","stack_drift_status":"string","stack_id":"string","stack_name":"string","stack_policy_body":"string","status":"string","status_reason":"string","tags":["map","string"],"template_description":"string","timeout_in_minutes":"number"}]],"description_kind":"plain","computed":true},"status":{"type":"string","description_kind":"plain","optional":true},"tags":{"type":["map","string"],"description_kind":"plain","optional":true}},"description_kind":"plain"}},"alicloud_ros_templates":{"version":0,"block":{"attributes":{"enable_details":{"type":"bool","description_kind":"plain","optional":true},"id":{"type":"string","description_kind":"plain","optional":true,"computed":true},"ids":{"type":["list","string"],"description_kind":"plain","optional":true,"computed":true},"name_regex":{"type":"string","description_kind":"plain","optional":true},"names":{"type":["list","string"],"description_kind":"plain","computed":true},"output_file":{"type":"string","description_kind":"plain","optional":true},"share_type":{"type":"string","description_kind":"plain","optional":true},"tags":{"type":["map","string"],"description_kind":"plain","optional":true},"template_name":{"type":"string","description_kind":"plain","optional":true},"templates":{"type":["list",["object",{"change_set_id":"string","description":"string","id":"string","share_type":"string","stack_group_name":"string","stack_id":"string","tags":["map","string"],"template_body":"string","template_id":"string","template_name":"string","template_version":"string"}]],"description_kind":"plain","computed":true}},"description_kind":"plain"}},"alicloud_route_entries":{"version":0,"block":{"attributes":{"cidr_block":{"type":"string","description_kind":"plain","optional":true},"entries":{"type":["list",["object",{"cidr_block":"string","instance_id":"string","next_hop_type":"string","route_table_id":"string","status":"string","type":"string"}]],"description_kind":"plain","computed":true},"id":{"type":"string","description_kind":"plain","optional":true,"computed":true},"instance_id":{"type":"string","description_kind":"plain","optional":true},"output_file":{"type":"string","description_kind":"plain","optional":true},"route_table_id":{"type":"string","description_kind":"plain","required":true},"type":{"type":"string","description_kind":"plain","optional":true}},"description_kind":"plain"}},"alicloud_route_tables":{"version":0,"block":{"attributes":{"id":{"type":"string","description_kind":"plain","optional":true,"computed":true},"ids":{"type":["list","string"],"description_kind":"plain","optional":true,"computed":true},"name_regex":{"type":"string","description_kind":"plain","optional":true},"names":{"type":["list","string"],"description_kind":"plain","computed":true},"output_file":{"type":"string","description_kind":"plain","optional":true},"resource_group_id":{"type":"string","description_kind":"plain","optional":true},"route_table_name":{"type":"string","description_kind":"plain","optional":true},"router_id":{"type":"string","description_kind":"plain","optional":true},"router_type":{"type":"string","description_kind":"plain","optional":true},"status":{"type":"string","description_kind":"plain","optional":true},"tables":{"type":["list",["object",{"description":"string","id":"string","name":"string","resource_group_id":"string","route_table_id":"string","route_table_name":"string","route_table_type":"string","router_id":"string","router_type":"string","status":"string","tags":["map","string"],"vpc_id":"string","vswitch_ids":["list","string"]}]],"description_kind":"plain","computed":true},"tags":{"type":["map","string"],"description_kind":"plain","optional":true},"vpc_id":{"type":"string","description_kind":"plain","optional":true}},"description_kind":"plain"}},"alicloud_router_interfaces":{"version":0,"block":{"attributes":{"id":{"type":"string","description_kind":"plain","optional":true,"computed":true},"ids":{"type":["list","string"],"description_kind":"plain","optional":true,"computed":true},"interfaces":{"type":["list",["object",{"access_point_id":"string","creation_time":"string","description":"string","health_check_source_ip":"string","health_check_target_ip":"string","id":"string","name":"string","opposite_interface_id":"string","opposite_interface_owner_id":"string","opposite_region_id":"string","opposite_router_id":"string","opposite_router_type":"string","role":"string","router_id":"string","router_type":"string","specification":"string","status":"string","vpc_id":"string"}]],"description_kind":"plain","computed":true},"name_regex":{"type":"string","description_kind":"plain","optional":true},"names":{"type":["list","string"],"description_kind":"plain","computed":true},"opposite_interface_id":{"type":"string","description_kind":"plain","optional":true},"opposite_interface_owner_id":{"type":"string","description_kind":"plain","optional":true},"output_file":{"type":"string","description_kind":"plain","optional":true},"role":{"type":"string","description_kind":"plain","optional":true},"router_id":{"type":"string","description_kind":"plain","optional":true},"router_type":{"type":"string","description_kind":"plain","optional":true},"specification":{"type":"string","description_kind":"plain","optional":true},"status":{"type":"string","description_kind":"plain","optional":true}},"description_kind":"plain"}},"alicloud_sae_config_maps":{"version":0,"block":{"attributes":{"id":{"type":"string","description_kind":"plain","optional":true,"computed":true},"ids":{"type":["list","string"],"description_kind":"plain","optional":true,"computed":true},"maps":{"type":["list",["object",{"config_map_id":"string","create_time":"string","data":"string","description":"string","id":"string","name":"string","namespace_id":"string"}]],"description_kind":"plain","computed":true},"name_regex":{"type":"string","description_kind":"plain","optional":true},"names":{"type":["list","string"],"description_kind":"plain","computed":true},"namespace_id":{"type":"string","description_kind":"plain","required":true},"output_file":{"type":"string","description_kind":"plain","optional":true}},"description_kind":"plain"}},"alicloud_sae_namespaces":{"version":0,"block":{"attributes":{"id":{"type":"string","description_kind":"plain","optional":true,"computed":true},"ids":{"type":["list","string"],"description_kind":"plain","optional":true,"computed":true},"name_regex":{"type":"string","description_kind":"plain","optional":true},"names":{"type":["list","string"],"description_kind":"plain","computed":true},"namespaces":{"type":["list",["object",{"id":"string","namespace_description":"string","namespace_id":"string","namespace_name":"string"}]],"description_kind":"plain","computed":true},"output_file":{"type":"string","description_kind":"plain","optional":true}},"description_kind":"plain"}},"alicloud_sae_service":{"version":0,"block":{"attributes":{"enable":{"type":"string","description_kind":"plain","optional":true},"id":{"type":"string","description_kind":"plain","optional":true,"computed":true},"status":{"type":"string","description_kind":"plain","computed":true}},"description_kind":"plain"}},"alicloud_sag_acls":{"version":0,"block":{"attributes":{"acls":{"type":["list",["object",{"id":"string","name":"string"}]],"description_kind":"plain","computed":true},"id":{"type":"string","description_kind":"plain","optional":true,"computed":true},"ids":{"type":["list","string"],"description_kind":"plain","optional":true,"computed":true},"name_regex":{"type":"string","description_kind":"plain","optional":true},"names":{"type":["list","string"],"description_kind":"plain","computed":true},"output_file":{"type":"string","description_kind":"plain","optional":true}},"description_kind":"plain"}},"alicloud_security_group_rules":{"version":0,"block":{"attributes":{"direction":{"type":"string","description_kind":"plain","optional":true},"group_desc":{"type":"string","description_kind":"plain","computed":true},"group_id":{"type":"string","description_kind":"plain","required":true},"group_name":{"type":"string","description_kind":"plain","computed":true},"id":{"type":"string","description_kind":"plain","optional":true,"computed":true},"ip_protocol":{"type":"string","description_kind":"plain","optional":true},"nic_type":{"type":"string","description_kind":"plain","optional":true},"output_file":{"type":"string","description_kind":"plain","optional":true},"policy":{"type":"string","description_kind":"plain","optional":true},"rules":{"type":["list",["object",{"description":"string","dest_cidr_ip":"string","dest_group_id":"string","dest_group_owner_account":"string","direction":"string","ip_protocol":"string","nic_type":"string","policy":"string","port_range":"string","priority":"number","source_cidr_ip":"string","source_group_id":"string","source_group_owner_account":"string"}]],"description_kind":"plain","computed":true}},"description_kind":"plain"}},"alicloud_security_groups":{"version":0,"block":{"attributes":{"groups":{"type":["list",["object",{"creation_time":"string","description":"string","id":"string","inner_access":"bool","name":"string","resource_group_id":"string","security_group_type":"string","tags":["map","string"],"vpc_id":"string"}]],"description_kind":"plain","computed":true},"id":{"type":"string","description_kind":"plain","optional":true,"computed":true},"ids":{"type":["list","string"],"description_kind":"plain","optional":true,"computed":true},"name_regex":{"type":"string","description_kind":"plain","optional":true},"names":{"type":["list","string"],"description_kind":"plain","computed":true},"output_file":{"type":"string","description_kind":"plain","optional":true},"resource_group_id":{"type":"string","description_kind":"plain","optional":true},"tags":{"type":["map","string"],"description_kind":"plain","optional":true},"vpc_id":{"type":"string","description_kind":"plain","optional":true}},"description_kind":"plain"}},"alicloud_slb_acls":{"version":0,"block":{"attributes":{"acls":{"type":["list",["object",{"entry_list":["list",["object",{"comment":"string","entry":"string"}]],"id":"string","ip_version":"string","name":"string","related_listeners":["list",["object",{"acl_type":"string","frontend_port":"number","load_balancer_id":"string","protocol":"string"}]],"resource_group_id":"string","tags":["map","string"]}]],"description_kind":"plain","computed":true},"id":{"type":"string","description_kind":"plain","optional":true,"computed":true},"ids":{"type":["list","string"],"description_kind":"plain","optional":true,"computed":true},"name_regex":{"type":"string","description_kind":"plain","optional":true},"names":{"type":["list","string"],"description_kind":"plain","computed":true},"output_file":{"type":"string","description_kind":"plain","optional":true},"resource_group_id":{"type":"string","description_kind":"plain","optional":true},"tags":{"type":["map","string"],"description_kind":"plain","optional":true}},"description_kind":"plain"}},"alicloud_slb_attachments":{"version":0,"block":{"attributes":{"id":{"type":"string","description_kind":"plain","optional":true,"computed":true},"instance_ids":{"type":["list","string"],"description_kind":"plain","optional":true},"load_balancer_id":{"type":"string","description_kind":"plain","required":true},"output_file":{"type":"string","description_kind":"plain","optional":true},"slb_attachments":{"type":["list",["object",{"instance_id":"string","weight":"number"}]],"description_kind":"plain","computed":true}},"description_kind":"plain"}},"alicloud_slb_backend_servers":{"version":0,"block":{"attributes":{"backend_servers":{"type":["list",["object",{"id":"string","server_type":"string","weight":"number"}]],"description_kind":"plain","computed":true},"id":{"type":"string","description_kind":"plain","optional":true,"computed":true},"ids":{"type":["list","string"],"description_kind":"plain","optional":true,"computed":true},"load_balancer_id":{"type":"string","description_kind":"plain","required":true},"output_file":{"type":"string","description_kind":"plain","optional":true}},"description_kind":"plain"}},"alicloud_slb_ca_certificates":{"version":0,"block":{"attributes":{"certificates":{"type":["list",["object",{"ca_certificate_id":"string","ca_certificate_name":"string","common_name":"string","created_timestamp":"number","expired_time":"string","expired_timestamp":"number","fingerprint":"string","id":"string","name":"string","resource_group_id":"string","tags":["map","string"]}]],"description_kind":"plain","computed":true},"id":{"type":"string","description_kind":"plain","optional":true,"computed":true},"ids":{"type":["list","string"],"description_kind":"plain","optional":true,"computed":true},"name_regex":{"type":"string","description_kind":"plain","optional":true},"names":{"type":["list","string"],"description_kind":"plain","computed":true},"output_file":{"type":"string","description_kind":"plain","optional":true},"resource_group_id":{"type":"string","description_kind":"plain","optional":true},"tags":{"type":["map","string"],"description_kind":"plain","optional":true}},"description_kind":"plain"}},"alicloud_slb_domain_extensions":{"version":0,"block":{"attributes":{"extensions":{"type":["list",["object",{"domain":"string","id":"string","server_certificate_id":"string"}]],"description_kind":"plain","computed":true},"frontend_port":{"type":"number","description_kind":"plain","required":true},"id":{"type":"string","description_kind":"plain","optional":true,"computed":true},"ids":{"type":["list","string"],"description_kind":"plain","optional":true,"computed":true},"load_balancer_id":{"type":"string","description_kind":"plain","required":true},"output_file":{"type":"string","description_kind":"plain","optional":true}},"description_kind":"plain"}},"alicloud_slb_listeners":{"version":0,"block":{"attributes":{"description_regex":{"type":"string","description_kind":"plain","optional":true},"frontend_port":{"type":"number","description_kind":"plain","optional":true},"id":{"type":"string","description_kind":"plain","optional":true,"computed":true},"load_balancer_id":{"type":"string","description_kind":"plain","required":true},"output_file":{"type":"string","description_kind":"plain","optional":true},"protocol":{"type":"string","description_kind":"plain","optional":true},"slb_listeners":{"type":["list",["object",{"backend_port":"number","bandwidth":"number","ca_certificate_id":"string","cookie":"string","cookie_timeout":"number","description":"string","enable_http2":"string","established_timeout":"number","frontend_port":"number","gzip":"string","health_check":"string","health_check_connect_port":"number","health_check_connect_timeout":"number","health_check_domain":"string","health_check_http_code":"string","health_check_interval":"number","health_check_timeout":"number","health_check_type":"string","health_check_uri":"string","healthy_threshold":"number","idle_timeout":"number","master_slave_server_group_id":"string","persistence_timeout":"number","protocol":"string","request_timeout":"number","scheduler":"string","security_status":"string","server_certificate_id":"string","server_group_id":"string","ssl_certificate_id":"string","status":"string","sticky_session":"string","sticky_session_type":"string","tls_cipher_policy":"string","unhealthy_threshold":"number","x_forwarded_for":"string","x_forwarded_for_slb_id":"string","x_forwarded_for_slb_ip":"string","x_forwarded_for_slb_proto":"string"}]],"description_kind":"plain","computed":true}},"description_kind":"plain"}},"alicloud_slb_load_balancers":{"version":0,"block":{"attributes":{"address":{"type":"string","description_kind":"plain","optional":true},"address_ip_version":{"type":"string","description_kind":"plain","optional":true},"address_type":{"type":"string","description_kind":"plain","optional":true},"balancers":{"type":["list",["object",{"address":"string","address_ip_version":"string","address_type":"string","auto_release_time":"number","backend_servers":["list",["object",{"description":"string","server_id":"string","type":"string","weight":"number"}]],"bandwidth":"number","create_time_stamp":"number","delete_protection":"string","end_time":"string","end_time_stamp":"number","id":"string","internet_charge_type":"string","listener_ports_and_protocal":["list",["object",{"listener_port":"number","listener_protocal":"string"}]],"listener_ports_and_protocol":["list",["object",{"description":"string","forward_port":"number","listener_forward":"string","listener_port":"number","listener_protocol":"string"}]],"load_balancer_id":"string","load_balancer_name":"string","load_balancer_spec":"string","master_zone_id":"string","modification_protection_reason":"string","modification_protection_status":"string","network_type":"string","payment_type":"string","region_id_alias":"string","renewal_cyc_unit":"string","renewal_duration":"number","renewal_status":"string","resource_group_id":"string","slave_zone_id":"string","status":"string","tags":["map","string"],"vpc_id":"string","vswitch_id":"string"}]],"description_kind":"plain","computed":true},"enable_details":{"type":"bool","description_kind":"plain","optional":true},"id":{"type":"string","description_kind":"plain","optional":true,"computed":true},"ids":{"type":["list","string"],"description_kind":"plain","optional":true,"computed":true},"internet_charge_type":{"type":"string","description_kind":"plain","optional":true},"load_balancer_name":{"type":"string","description_kind":"plain","optional":true},"master_availability_zone":{"type":"string","description_kind":"plain","optional":true},"master_zone_id":{"type":"string","description_kind":"plain","optional":true},"name_regex":{"type":"string","description_kind":"plain","optional":true},"names":{"type":["list","string"],"description_kind":"plain","computed":true},"network_type":{"type":"string","description_kind":"plain","optional":true},"output_file":{"type":"string","description_kind":"plain","optional":true},"payment_type":{"type":"string","description_kind":"plain","optional":true},"resource_group_id":{"type":"string","description_kind":"plain","optional":true},"server_id":{"type":"string","description_kind":"plain","optional":true},"server_intranet_address":{"type":"string","description_kind":"plain","optional":true},"slave_availability_zone":{"type":"string","description_kind":"plain","optional":true},"slave_zone_id":{"type":"string","description_kind":"plain","optional":true},"slbs":{"type":["list",["object",{"address":"string","creation_time":"string","id":"string","internet":"bool","master_availability_zone":"string","name":"string","network_type":"string","region_id":"string","slave_availability_zone":"string","status":"string","tags":["map","string"],"vpc_id":"string","vswitch_id":"string"}]],"description_kind":"plain","computed":true},"status":{"type":"string","description_kind":"plain","optional":true},"tags":{"type":["map","string"],"description_kind":"plain","optional":true},"vpc_id":{"type":"string","description_kind":"plain","optional":true},"vswitch_id":{"type":"string","description_kind":"plain","optional":true}},"description_kind":"plain"}},"alicloud_slb_master_slave_server_groups":{"version":0,"block":{"attributes":{"groups":{"type":["list",["object",{"id":"string","name":"string","servers":["list",["object",{"instance_id":"string","is_backup":"number","port":"number","server_type":"string","weight":"number"}]]}]],"description_kind":"plain","computed":true},"id":{"type":"string","description_kind":"plain","optional":true,"computed":true},"ids":{"type":["list","string"],"description_kind":"plain","optional":true,"computed":true},"load_balancer_id":{"type":"string","description_kind":"plain","required":true},"name_regex":{"type":"string","description_kind":"plain","optional":true},"names":{"type":["list","string"],"description_kind":"plain","computed":true},"output_file":{"type":"string","description_kind":"plain","optional":true}},"description_kind":"plain"}},"alicloud_slb_rules":{"version":0,"block":{"attributes":{"frontend_port":{"type":"number","description_kind":"plain","required":true},"id":{"type":"string","description_kind":"plain","optional":true,"computed":true},"ids":{"type":["list","string"],"description_kind":"plain","optional":true,"computed":true},"load_balancer_id":{"type":"string","description_kind":"plain","required":true},"name_regex":{"type":"string","description_kind":"plain","optional":true},"names":{"type":["list","string"],"description_kind":"plain","computed":true},"output_file":{"type":"string","description_kind":"plain","optional":true},"slb_rules":{"type":["list",["object",{"domain":"string","id":"string","name":"string","server_group_id":"string","url":"string"}]],"description_kind":"plain","computed":true}},"description_kind":"plain"}},"alicloud_slb_server_certificates":{"version":0,"block":{"attributes":{"certificates":{"type":["list",["object",{"alicloud_certificate_id":"string","alicloud_certificate_name":"string","common_name":"string","created_time":"string","created_timestamp":"number","expired_time":"string","expired_timestamp":"number","fingerprint":"string","id":"string","is_alicloud_certificate":"bool","name":"string","resource_group_id":"string","subject_alternative_names":["list","string"],"tags":["map","string"]}]],"description_kind":"plain","computed":true},"id":{"type":"string","description_kind":"plain","optional":true,"computed":true},"ids":{"type":["list","string"],"description_kind":"plain","optional":true,"computed":true},"name_regex":{"type":"string","description_kind":"plain","optional":true},"names":{"type":["list","string"],"description_kind":"plain","computed":true},"output_file":{"type":"string","description_kind":"plain","optional":true},"resource_group_id":{"type":"string","description_kind":"plain","optional":true},"tags":{"type":["map","string"],"description_kind":"plain","optional":true}},"description_kind":"plain"}},"alicloud_slb_server_groups":{"version":0,"block":{"attributes":{"id":{"type":"string","description_kind":"plain","optional":true,"computed":true},"ids":{"type":["list","string"],"description_kind":"plain","optional":true,"computed":true},"load_balancer_id":{"type":"string","description_kind":"plain","required":true},"name_regex":{"type":"string","description_kind":"plain","optional":true},"names":{"type":["list","string"],"description_kind":"plain","computed":true},"output_file":{"type":"string","description_kind":"plain","optional":true},"slb_server_groups":{"type":["list",["object",{"id":"string","name":"string","servers":["list",["object",{"instance_id":"string","weight":"number"}]]}]],"description_kind":"plain","computed":true}},"description_kind":"plain"}},"alicloud_slb_zones":{"version":0,"block":{"attributes":{"available_slb_address_ip_version":{"type":"string","description_kind":"plain","optional":true},"available_slb_address_type":{"type":"string","description_kind":"plain","optional":true},"enable_details":{"type":"bool","description_kind":"plain","optional":true},"id":{"type":"string","description_kind":"plain","optional":true,"computed":true},"ids":{"type":["list","string"],"description_kind":"plain","computed":true},"output_file":{"type":"string","description_kind":"plain","optional":true},"zones":{"type":["list",["object",{"id":"string","slb_slave_zone_ids":["list","string"]}]],"description_kind":"plain","computed":true}},"description_kind":"plain"}},"alicloud_slbs":{"version":0,"block":{"attributes":{"address":{"type":"string","description_kind":"plain","optional":true},"address_ip_version":{"type":"string","description_kind":"plain","optional":true},"address_type":{"type":"string","description_kind":"plain","optional":true},"balancers":{"type":["list",["object",{"address":"string","address_ip_version":"string","address_type":"string","auto_release_time":"number","backend_servers":["list",["object",{"description":"string","server_id":"string","type":"string","weight":"number"}]],"bandwidth":"number","create_time_stamp":"number","delete_protection":"string","end_time":"string","end_time_stamp":"number","id":"string","internet_charge_type":"string","listener_ports_and_protocal":["list",["object",{"listener_port":"number","listener_protocal":"string"}]],"listener_ports_and_protocol":["list",["object",{"description":"string","forward_port":"number","listener_forward":"string","listener_port":"number","listener_protocol":"string"}]],"load_balancer_id":"string","load_balancer_name":"string","load_balancer_spec":"string","master_zone_id":"string","modification_protection_reason":"string","modification_protection_status":"string","network_type":"string","payment_type":"string","region_id_alias":"string","renewal_cyc_unit":"string","renewal_duration":"number","renewal_status":"string","resource_group_id":"string","slave_zone_id":"string","status":"string","tags":["map","string"],"vpc_id":"string","vswitch_id":"string"}]],"description_kind":"plain","computed":true},"enable_details":{"type":"bool","description_kind":"plain","optional":true},"id":{"type":"string","description_kind":"plain","optional":true,"computed":true},"ids":{"type":["list","string"],"description_kind":"plain","optional":true,"computed":true},"internet_charge_type":{"type":"string","description_kind":"plain","optional":true},"load_balancer_name":{"type":"string","description_kind":"plain","optional":true},"master_availability_zone":{"type":"string","description_kind":"plain","optional":true},"master_zone_id":{"type":"string","description_kind":"plain","optional":true},"name_regex":{"type":"string","description_kind":"plain","optional":true},"names":{"type":["list","string"],"description_kind":"plain","computed":true},"network_type":{"type":"string","description_kind":"plain","optional":true},"output_file":{"type":"string","description_kind":"plain","optional":true},"payment_type":{"type":"string","description_kind":"plain","optional":true},"resource_group_id":{"type":"string","description_kind":"plain","optional":true},"server_id":{"type":"string","description_kind":"plain","optional":true},"server_intranet_address":{"type":"string","description_kind":"plain","optional":true},"slave_availability_zone":{"type":"string","description_kind":"plain","optional":true},"slave_zone_id":{"type":"string","description_kind":"plain","optional":true},"slbs":{"type":["list",["object",{"address":"string","creation_time":"string","id":"string","internet":"bool","master_availability_zone":"string","name":"string","network_type":"string","region_id":"string","slave_availability_zone":"string","status":"string","tags":["map","string"],"vpc_id":"string","vswitch_id":"string"}]],"description_kind":"plain","computed":true},"status":{"type":"string","description_kind":"plain","optional":true},"tags":{"type":["map","string"],"description_kind":"plain","optional":true},"vpc_id":{"type":"string","description_kind":"plain","optional":true},"vswitch_id":{"type":"string","description_kind":"plain","optional":true}},"description_kind":"plain"}},"alicloud_snapshots":{"version":0,"block":{"attributes":{"category":{"type":"string","description_kind":"plain","optional":true},"dry_run":{"type":"bool","description_kind":"plain","optional":true},"encrypted":{"type":"bool","description_kind":"plain","optional":true},"id":{"type":"string","description_kind":"plain","optional":true,"computed":true},"ids":{"type":["list","string"],"description_kind":"plain","optional":true,"computed":true},"kms_key_id":{"type":"string","description_kind":"plain","optional":true},"name_regex":{"type":"string","description_kind":"plain","optional":true},"names":{"type":["list","string"],"description_kind":"plain","computed":true},"output_file":{"type":"string","description_kind":"plain","optional":true},"resource_group_id":{"type":"string","description_kind":"plain","optional":true},"snapshot_link_id":{"type":"string","description_kind":"plain","optional":true},"snapshot_name":{"type":"string","description_kind":"plain","optional":true},"snapshot_type":{"type":"string","description_kind":"plain","optional":true},"snapshots":{"type":["list",["object",{"category":"string","creation_time":"string","description":"string","disk_id":"string","encrypted":"bool","id":"string","instant_access":"bool","instant_access_retention_days":"number","name":"string","product_code":"string","progress":"string","remain_time":"number","resource_group_id":"string","retention_days":"number","snapshot_id":"string","snapshot_name":"string","snapshot_sn":"string","snapshot_type":"string","source_disk_id":"string","source_disk_size":"string","source_disk_type":"string","source_storage_type":"string","status":"string","tags":["map","string"],"type":"string","usage":"string"}]],"description_kind":"plain","computed":true},"source_disk_type":{"type":"string","description_kind":"plain","optional":true},"status":{"type":"string","description_kind":"plain","optional":true},"tags":{"type":["map","string"],"description_kind":"plain","optional":true},"type":{"type":"string","description_kind":"plain","optional":true},"usage":{"type":"string","description_kind":"plain","optional":true}},"description_kind":"plain"}},"alicloud_snat_entries":{"version":0,"block":{"attributes":{"entries":{"type":["list",["object",{"id":"string","snat_entry_id":"string","snat_entry_name":"string","snat_ip":"string","source_cidr":"string","source_vswitch_id":"string","status":"string"}]],"description_kind":"plain","computed":true},"id":{"type":"string","description_kind":"plain","optional":true,"computed":true},"ids":{"type":["list","string"],"description_kind":"plain","optional":true,"computed":true},"name_regex":{"type":"string","description_kind":"plain","optional":true},"names":{"type":["list","string"],"description_kind":"plain","computed":true},"output_file":{"type":"string","description_kind":"plain","optional":true},"snat_entry_name":{"type":"string","description_kind":"plain","optional":true},"snat_ip":{"type":"string","description_kind":"plain","optional":true},"snat_table_id":{"type":"string","description_kind":"plain","required":true},"source_cidr":{"type":"string","description_kind":"plain","optional":true},"source_vswitch_id":{"type":"string","description_kind":"plain","optional":true},"status":{"type":"string","description_kind":"plain","optional":true}},"description_kind":"plain"}},"alicloud_ssl_certificates_service_certificates":{"version":0,"block":{"attributes":{"certificates":{"type":["list",["object",{"buy_in_aliyun":"bool","cert":"string","cert_id":"string","certificate_name":"string","city":"string","common":"string","country":"string","end_date":"string","expired":"bool","fingerprint":"string","id":"string","issuer":"string","key":"string","name":"string","org_name":"string","province":"string","sans":"string","start_date":"string"}]],"description_kind":"plain","computed":true},"enable_details":{"type":"bool","description_kind":"plain","optional":true},"id":{"type":"string","description_kind":"plain","optional":true,"computed":true},"ids":{"type":["list","string"],"description_kind":"plain","optional":true,"computed":true},"lang":{"type":"string","description_kind":"plain","optional":true},"name_regex":{"type":"string","description_kind":"plain","optional":true},"names":{"type":["list","string"],"description_kind":"plain","computed":true},"output_file":{"type":"string","description_kind":"plain","optional":true}},"description_kind":"plain"}},"alicloud_ssl_vpn_client_certs":{"version":0,"block":{"attributes":{"certs":{"type":["list",["object",{"create_time":"string","end_time":"number","id":"string","name":"string","ssl_vpn_server_id":"string","status":"string"}]],"description_kind":"plain","computed":true},"id":{"type":"string","description_kind":"plain","optional":true,"computed":true},"ids":{"type":["list","string"],"description_kind":"plain","optional":true,"computed":true},"name_regex":{"type":"string","description_kind":"plain","optional":true},"names":{"type":["list","string"],"description_kind":"plain","computed":true},"output_file":{"type":"string","description_kind":"plain","optional":true},"ssl_vpn_server_id":{"type":"string","description_kind":"plain","optional":true}},"description_kind":"plain"}},"alicloud_ssl_vpn_servers":{"version":0,"block":{"attributes":{"id":{"type":"string","description_kind":"plain","optional":true,"computed":true},"ids":{"type":["list","string"],"description_kind":"plain","optional":true,"computed":true},"name_regex":{"type":"string","description_kind":"plain","optional":true},"names":{"type":["list","string"],"description_kind":"plain","computed":true},"output_file":{"type":"string","description_kind":"plain","optional":true},"servers":{"type":["list",["object",{"cipher":"string","client_ip_pool":"string","compress":"bool","connections":"number","create_time":"string","id":"string","internet_ip":"string","local_subnet":"string","max_connections":"number","name":"string","port":"number","proto":"string","vpn_gateway_id":"string"}]],"description_kind":"plain","computed":true},"vpn_gateway_id":{"type":"string","description_kind":"plain","optional":true}},"description_kind":"plain"}},"alicloud_tsdb_instances":{"version":0,"block":{"attributes":{"app_key":{"type":"string","description_kind":"plain","optional":true},"enable_details":{"type":"bool","description_kind":"plain","optional":true},"engine_type":{"type":"string","description_kind":"plain","optional":true},"id":{"type":"string","description_kind":"plain","optional":true,"computed":true},"ids":{"type":["list","string"],"description_kind":"plain","optional":true,"computed":true},"instances":{"type":["list",["object",{"auto_renew":"string","cpu_number":"string","disk_category":"string","engine_type":"string","expired_time":"number","id":"string","instance_alias":"string","instance_class":"string","instance_id":"string","instance_storage":"string","memory_size":"string","network_type":"string","payment_type":"string","status":"string","vpc_connection_address":"string","vpc_id":"string","vswitch_id":"string","zone_id":"string"}]],"description_kind":"plain","computed":true},"output_file":{"type":"string","description_kind":"plain","optional":true},"query_str":{"type":"string","description_kind":"plain","optional":true},"status":{"type":"string","description_kind":"plain","optional":true},"status_list":{"type":"string","description_kind":"plain","optional":true}},"description_kind":"plain"}},"alicloud_tsdb_zones":{"version":0,"block":{"attributes":{"id":{"type":"string","description_kind":"plain","optional":true,"computed":true},"ids":{"type":["list","string"],"description_kind":"plain","computed":true},"output_file":{"type":"string","description_kind":"plain","optional":true},"zones":{"type":["list",["object",{"id":"string","local_name":"string","zone_id":"string"}]],"description_kind":"plain","computed":true}},"description_kind":"plain"}},"alicloud_vpc_flow_logs":{"version":0,"block":{"attributes":{"description":{"type":"string","description_kind":"plain","optional":true},"flow_log_name":{"type":"string","description_kind":"plain","optional":true},"id":{"type":"string","description_kind":"plain","optional":true,"computed":true},"ids":{"type":["list","string"],"description_kind":"plain","optional":true,"computed":true},"log_store_name":{"type":"string","description_kind":"plain","optional":true},"logs":{"type":["list",["object",{"description":"string","flow_log_id":"string","flow_log_name":"string","id":"string","log_store_name":"string","project_name":"string","resource_id":"string","resource_type":"string","status":"string","traffic_type":"string"}]],"description_kind":"plain","computed":true},"name_regex":{"type":"string","description_kind":"plain","optional":true},"names":{"type":["list","string"],"description_kind":"plain","computed":true},"output_file":{"type":"string","description_kind":"plain","optional":true},"project_name":{"type":"string","description_kind":"plain","optional":true},"resource_id":{"type":"string","description_kind":"plain","optional":true},"resource_type":{"type":"string","description_kind":"plain","optional":true},"status":{"type":"string","description_kind":"plain","optional":true},"traffic_type":{"type":"string","description_kind":"plain","optional":true}},"description_kind":"plain"}},"alicloud_vpcs":{"version":0,"block":{"attributes":{"cidr_block":{"type":"string","description_kind":"plain","optional":true},"dhcp_options_set_id":{"type":"string","description_kind":"plain","optional":true},"dry_run":{"type":"bool","description_kind":"plain","optional":true},"enable_details":{"type":"bool","description_kind":"plain","optional":true},"id":{"type":"string","description_kind":"plain","optional":true,"computed":true},"ids":{"type":["list","string"],"description_kind":"plain","optional":true,"computed":true},"is_default":{"type":"bool","description_kind":"plain","optional":true},"name_regex":{"type":"string","description_kind":"plain","optional":true},"names":{"type":["list","string"],"description_kind":"plain","computed":true},"output_file":{"type":"string","description_kind":"plain","optional":true},"resource_group_id":{"type":"string","description_kind":"plain","optional":true},"status":{"type":"string","description_kind":"plain","optional":true},"tags":{"type":["map","string"],"description_kind":"plain","optional":true},"vpc_name":{"type":"string","description_kind":"plain","optional":true},"vpc_owner_id":{"type":"number","description_kind":"plain","optional":true},"vpcs":{"type":["list",["object",{"cidr_block":"string","creation_time":"string","description":"string","id":"string","ipv6_cidr_block":"string","is_default":"bool","region_id":"string","resource_group_id":"string","route_table_id":"string","router_id":"string","secondary_cidr_blocks":["list","string"],"status":"string","tags":["map","string"],"user_cidrs":["list","string"],"vpc_id":"string","vpc_name":"string","vrouter_id":"string","vswitch_ids":["list","string"]}]],"description_kind":"plain","computed":true},"vswitch_id":{"type":"string","description_kind":"plain","optional":true}},"description_kind":"plain"}},"alicloud_vpn_connections":{"version":0,"block":{"attributes":{"connections":{"type":["list",["object",{"create_time":"string","customer_gateway_id":"string","effect_immediately":"bool","id":"string","ike_config":["list",["object",{"ike_auth_alg":"string","ike_enc_alg":"string","ike_lifetime":"number","ike_local_id":"string","ike_mode":"string","ike_pfs":"string","ike_remote_id":"string","ike_version":"string","psk":"string"}]],"ipsec_config":["list",["object",{"ipsec_auth_alg":"string","ipsec_enc_alg":"string","ipsec_lifetime":"number","ipsec_pfs":"string"}]],"local_subnet":"string","name":"string","remote_subnet":"string","status":"string","vpn_gateway_id":"string"}]],"description_kind":"plain","computed":true},"customer_gateway_id":{"type":"string","description_kind":"plain","optional":true},"id":{"type":"string","description_kind":"plain","optional":true,"computed":true},"ids":{"type":["list","string"],"description_kind":"plain","optional":true,"computed":true},"name_regex":{"type":"string","description_kind":"plain","optional":true},"names":{"type":["list","string"],"description_kind":"plain","computed":true},"output_file":{"type":"string","description_kind":"plain","optional":true},"vpn_gateway_id":{"type":"string","description_kind":"plain","optional":true}},"description_kind":"plain"}},"alicloud_vpn_customer_gateways":{"version":0,"block":{"attributes":{"gateways":{"type":["list",["object",{"create_time":"string","description":"string","id":"string","ip_address":"string","name":"string"}]],"description_kind":"plain","computed":true},"id":{"type":"string","description_kind":"plain","optional":true,"computed":true},"ids":{"type":["list","string"],"description_kind":"plain","optional":true,"computed":true},"name_regex":{"type":"string","description_kind":"plain","optional":true},"names":{"type":["list","string"],"description_kind":"plain","computed":true},"output_file":{"type":"string","description_kind":"plain","optional":true}},"description_kind":"plain"}},"alicloud_vpn_gateways":{"version":0,"block":{"attributes":{"business_status":{"type":"string","description_kind":"plain","optional":true},"gateways":{"type":["list",["object",{"business_status":"string","create_time":"string","description":"string","enable_ipsec":"string","enable_ssl":"string","end_time":"string","id":"string","instance_charge_type":"string","internet_ip":"string","name":"string","specification":"string","ssl_connections":"number","status":"string","vpc_id":"string"}]],"description_kind":"plain","computed":true},"id":{"type":"string","description_kind":"plain","optional":true,"computed":true},"ids":{"type":["list","string"],"description_kind":"plain","optional":true,"computed":true},"name_regex":{"type":"string","description_kind":"plain","optional":true},"names":{"type":["list","string"],"description_kind":"plain","computed":true},"output_file":{"type":"string","description_kind":"plain","optional":true},"status":{"type":"string","description_kind":"plain","optional":true},"vpc_id":{"type":"string","description_kind":"plain","optional":true}},"description_kind":"plain"}},"alicloud_vs_service":{"version":0,"block":{"attributes":{"enable":{"type":"string","description_kind":"plain","optional":true},"id":{"type":"string","description_kind":"plain","optional":true,"computed":true},"status":{"type":"string","description_kind":"plain","computed":true}},"description_kind":"plain"}},"alicloud_vswitches":{"version":0,"block":{"attributes":{"cidr_block":{"type":"string","description_kind":"plain","optional":true},"dry_run":{"type":"bool","description_kind":"plain","optional":true},"id":{"type":"string","description_kind":"plain","optional":true,"computed":true},"ids":{"type":["list","string"],"description_kind":"plain","optional":true,"computed":true},"is_default":{"type":"bool","description_kind":"plain","optional":true},"name_regex":{"type":"string","description_kind":"plain","optional":true},"names":{"type":["list","string"],"description_kind":"plain","computed":true},"output_file":{"type":"string","description_kind":"plain","optional":true},"resource_group_id":{"type":"string","description_kind":"plain","optional":true},"route_table_id":{"type":"string","description_kind":"plain","optional":true},"status":{"type":"string","description_kind":"plain","optional":true},"tags":{"type":["map","string"],"description_kind":"plain","optional":true},"vpc_id":{"type":"string","description_kind":"plain","optional":true},"vswitch_name":{"type":"string","description_kind":"plain","optional":true},"vswitch_owner_id":{"type":"number","description_kind":"plain","optional":true},"vswitches":{"type":["list",["object",{"available_ip_address_count":"number","cidr_block":"string","creation_time":"string","description":"string","id":"string","is_default":"bool","name":"string","resource_group_id":"string","route_table_id":"string","status":"string","tags":["map","string"],"vpc_id":"string","vswitch_id":"string","vswitch_name":"string","zone_id":"string"}]],"description_kind":"plain","computed":true},"zone_id":{"type":"string","description_kind":"plain","optional":true}},"description_kind":"plain"}},"alicloud_waf_domains":{"version":0,"block":{"attributes":{"domains":{"type":["list",["object",{"cluster_type":"string","cname":"string","connection_time":"number","domain":"string","domain_name":"string","http2_port":["list","string"],"http_port":["list","string"],"http_to_user_ip":"string","https_port":["list","string"],"https_redirect":"string","id":"string","is_access_product":"string","load_balancing":"string","log_headers":["list",["object",{"key":"string","value":"string"}]],"read_time":"number","resource_group_id":"string","source_ips":["list","string"],"version":"number","write_time":"number"}]],"description_kind":"plain","computed":true},"enable_details":{"type":"bool","description_kind":"plain","optional":true},"id":{"type":"string","description_kind":"plain","optional":true,"computed":true},"ids":{"type":["list","string"],"description_kind":"plain","optional":true,"computed":true},"instance_id":{"type":"string","description_kind":"plain","required":true},"name_regex":{"type":"string","description_kind":"plain","optional":true},"names":{"type":["list","string"],"description_kind":"plain","computed":true},"output_file":{"type":"string","description_kind":"plain","optional":true},"resource_group_id":{"type":"string","description_kind":"plain","optional":true}},"description_kind":"plain"}},"alicloud_waf_instances":{"version":0,"block":{"attributes":{"id":{"type":"string","description_kind":"plain","optional":true,"computed":true},"ids":{"type":["list","string"],"description_kind":"plain","optional":true,"computed":true},"instance_source":{"type":"string","description_kind":"plain","optional":true},"instances":{"type":["list",["object",{"end_date":"number","id":"string","in_debt":"number","instance_id":"string","remain_day":"number","status":"number","subscription_type":"string","trial":"number"}]],"description_kind":"plain","computed":true},"output_file":{"type":"string","description_kind":"plain","optional":true},"resource_group_id":{"type":"string","description_kind":"plain","optional":true},"status":{"type":"number","description_kind":"plain","optional":true}},"description_kind":"plain"}},"alicloud_yundun_bastionhost_instances":{"version":0,"block":{"attributes":{"description_regex":{"type":"string","description_kind":"plain","optional":true},"descriptions":{"type":["list","string"],"description_kind":"plain","computed":true},"id":{"type":"string","description_kind":"plain","optional":true,"computed":true},"ids":{"type":["list","string"],"description_kind":"plain","optional":true,"computed":true},"instances":{"type":["list",["object",{"description":"string","id":"string","instance_status":"string","license_code":"string","private_domain":"string","public_domain":"string","public_network_access":"bool","security_group_ids":["list","string"],"tags":["map","string"],"user_vswitch_id":"string"}]],"description_kind":"plain","computed":true},"output_file":{"type":"string","description_kind":"plain","optional":true},"tags":{"type":["map","string"],"description_kind":"plain","optional":true}},"description_kind":"plain"}},"alicloud_yundun_dbaudit_instance":{"version":0,"block":{"attributes":{"description_regex":{"type":"string","description_kind":"plain","optional":true},"descriptions":{"type":["list","string"],"description_kind":"plain","computed":true},"id":{"type":"string","description_kind":"plain","optional":true,"computed":true},"ids":{"type":["list","string"],"description_kind":"plain","optional":true,"computed":true},"instances":{"type":["list",["object",{"description":"string","id":"string","instance_status":"string","license_code":"string","private_domain":"string","public_domain":"string","public_network_access":"bool","tags":["map","string"],"user_vswitch_id":"string"}]],"description_kind":"plain","computed":true},"output_file":{"type":"string","description_kind":"plain","optional":true},"tags":{"type":["map","string"],"description_kind":"plain","optional":true}},"description_kind":"plain"}},"alicloud_zones":{"version":0,"block":{"attributes":{"available_disk_category":{"type":"string","description_kind":"plain","optional":true},"available_instance_type":{"type":"string","description_kind":"plain","optional":true},"available_resource_creation":{"type":"string","description_kind":"plain","optional":true},"available_slb_address_ip_version":{"type":"string","description_kind":"plain","optional":true},"available_slb_address_type":{"type":"string","description_kind":"plain","optional":true},"enable_details":{"type":"bool","description_kind":"plain","optional":true},"id":{"type":"string","description_kind":"plain","optional":true,"computed":true},"ids":{"type":["list","string"],"description_kind":"plain","computed":true},"instance_charge_type":{"type":"string","description_kind":"plain","optional":true},"multi":{"type":"bool","description_kind":"plain","optional":true},"network_type":{"type":"string","description_kind":"plain","optional":true},"output_file":{"type":"string","description_kind":"plain","optional":true},"spot_strategy":{"type":"string","description_kind":"plain","optional":true},"zones":{"type":["list",["object",{"available_disk_categories":["list","string"],"available_instance_types":["list","string"],"available_resource_creation":["list","string"],"id":"string","local_name":"string","multi_zone_ids":["list","string"],"slb_slave_zone_ids":["list","string"]}]],"description_kind":"plain","computed":true}},"description_kind":"plain"}}}}}}
