{"format_version":"0.2","provider_schemas":{"registry.terraform.io/ferlab-ste-justine/etcd":{"provider":{"version":0,"block":{"attributes":{"ca_cert":{"type":"string","description":"File that contains the CA certificate that signed the etcd servers' certificates. Can alternatively be set with the ETCDCTL_CACERT environment variable. Can also be omitted.","description_kind":"markdown","optional":true},"cert":{"type":"string","description":"File that contains the client certificate used to authentify the user. Can alternatively be set with the ETCDCTL_CERT environment variable. Can be omitted if password authentication is used.","description_kind":"markdown","optional":true},"connection_timeout":{"type":"number","description":"Timeout to establish the etcd servers connection in seconds. Defaults to 10.","description_kind":"markdown","optional":true},"endpoints":{"type":"string","description":"Endpoints of the etcd servers. The entry of each server should follow the ip:port format and be coma separated. Can alternatively be set with the ETCDCTL_ENDPOINTS environment variable.","description_kind":"markdown","optional":true},"key":{"type":"string","description":"File that contains the client encryption key used to authentify the user. Can alternatively be set with the ETCDCTL_KEY environment variable. Can be omitted if password authentication is used.","description_kind":"markdown","optional":true},"password":{"type":"string","description":"Password of the etcd user that will be used to access etcd. Can alternatively be set with the ETCDCTL_PASSWORD environment variable. Can also be omitted if tls certificate authentication will be used instead.","description_kind":"markdown","optional":true,"sensitive":true},"request_timeout":{"type":"number","description":"Timeout for individual requests the provider makes on the etcd servers in seconds. Defaults to 10.","description_kind":"markdown","optional":true},"retries":{"type":"number","description":"Number of times operations that result in retriable errors should be re-attempted. Defaults to 2.","description_kind":"markdown","optional":true},"username":{"type":"string","description":"Name of the etcd user that will be used to access etcd. Can alternatively be set with the ETCDCTL_USERNAME environment variable. Can also be omitted if tls certificate authentication will be used instead as the username will be infered from the certificate.","description_kind":"markdown","optional":true}},"description_kind":"plain"}},"resource_schemas":{"etcd_key":{"version":0,"block":{"attributes":{"id":{"type":"string","description_kind":"plain","optional":true,"computed":true},"key":{"type":"string","description":"Key to set.","description_kind":"markdown","required":true},"value":{"type":"string","description":"Value to store in the key.","description_kind":"markdown","required":true}},"description":"Key value for etcd.","description_kind":"markdown"}},"etcd_role":{"version":0,"block":{"attributes":{"id":{"type":"string","description_kind":"plain","optional":true,"computed":true},"name":{"type":"string","description":"Name of the role. Changing this will delete the role and create a new one.","description_kind":"markdown","required":true}},"block_types":{"permissions":{"nesting_mode":"set","block":{"attributes":{"key":{"type":"string","description":"Key specifying the beginning of the key range.","description_kind":"markdown","required":true},"permission":{"type":"string","description":"Permissions to grant to the role on the given key range. Can be: read, write or readwrite","description_kind":"markdown","optional":true},"range_end":{"type":"string","description":"Key specifying the end of the key range (exclusive). To you set it to the value of the key to grant permission on a single key. If you would like the range to be anything prefixed by the key, you can use the etcd_prefix_range_end data helper.","description_kind":"markdown","required":true}},"description":"Permissions to grant to the role on various etcd key ranges.","description_kind":"markdown"}}},"description":"User role for etcd to define access control.","description_kind":"markdown"}},"etcd_user":{"version":0,"block":{"attributes":{"id":{"type":"string","description_kind":"plain","optional":true,"computed":true},"password":{"type":"string","description":"Password of the user. Can be omitted for a user that you wish to authenticate strictly with tls certificate authentication.","description_kind":"markdown","optional":true,"sensitive":true},"roles":{"type":["set","string"],"description":"Roles of the user, to define his access.","description_kind":"markdown","optional":true},"username":{"type":"string","description":"Name of the user. Changing this will delete the user and create a new one.","description_kind":"markdown","required":true}},"description":"User that can access etcd.","description_kind":"markdown"}}},"data_source_schemas":{"etcd_prefix_range_end":{"version":0,"block":{"attributes":{"id":{"type":"string","description_kind":"plain","optional":true,"computed":true},"key":{"type":"string","description":"Key to get a prefix of.","description_kind":"markdown","required":true},"range_end":{"type":"string","description":"Computed range end that, combined with the key, constitutes a prefix of the key.","description_kind":"markdown","computed":true}},"description":"Helper to retrieve a range end that, combined with the key argument, constitutes a prefix of key.","description_kind":"markdown"}}}}}}
