{"format_version":"0.2","provider_schemas":{"registry.terraform.io/firehydrant/firehydrant":{"provider":{"version":0,"block":{"attributes":{"api_key":{"type":"string","description_kind":"plain","required":true,"sensitive":true},"firehydrant_base_url":{"type":"string","description_kind":"plain","optional":true}},"description_kind":"plain"}},"resource_schemas":{"firehydrant_environment":{"version":0,"block":{"attributes":{"description":{"type":"string","description_kind":"plain","optional":true},"id":{"type":"string","description_kind":"plain","optional":true,"computed":true},"name":{"type":"string","description_kind":"plain","required":true}},"description":"FireHydrant environments are used to tag incidents with where they are occurring.","description_kind":"plain"}},"firehydrant_functionality":{"version":0,"block":{"attributes":{"description":{"type":"string","description_kind":"plain","optional":true},"id":{"type":"string","description_kind":"plain","optional":true,"computed":true},"name":{"type":"string","description_kind":"plain","required":true}},"block_types":{"services":{"nesting_mode":"list","block":{"attributes":{"id":{"type":"string","description_kind":"plain","required":true},"name":{"type":"string","description_kind":"plain","computed":true}},"description_kind":"plain"}}},"description_kind":"plain"}},"firehydrant_runbook":{"version":0,"block":{"attributes":{"description":{"type":"string","description_kind":"plain","optional":true},"id":{"type":"string","description_kind":"plain","optional":true,"computed":true},"name":{"type":"string","description_kind":"plain","required":true},"type":{"type":"string","description_kind":"plain","required":true}},"block_types":{"severities":{"nesting_mode":"list","block":{"attributes":{"id":{"type":"string","description_kind":"plain","required":true}},"description_kind":"plain"}},"steps":{"nesting_mode":"list","block":{"attributes":{"action_id":{"type":"string","description_kind":"plain","required":true},"automatic":{"type":"bool","description_kind":"plain","optional":true},"config":{"type":["map","string"],"description_kind":"plain","optional":true},"delation_duration":{"type":"string","description_kind":"plain","optional":true},"name":{"type":"string","description_kind":"plain","required":true},"repeats":{"type":"bool","description_kind":"plain","optional":true},"repeats_duration":{"type":"string","description_kind":"plain","optional":true},"step_id":{"type":"string","description_kind":"plain","computed":true}},"description_kind":"plain"}}},"description_kind":"plain"}},"firehydrant_service":{"version":0,"block":{"attributes":{"description":{"type":"string","description_kind":"plain","optional":true},"id":{"type":"string","description_kind":"plain","optional":true,"computed":true},"labels":{"type":["map","string"],"description_kind":"plain","optional":true},"name":{"type":"string","description_kind":"plain","required":true},"service_tier":{"type":"number","description_kind":"plain","optional":true}},"description_kind":"plain"}},"firehydrant_severity":{"version":0,"block":{"attributes":{"description":{"type":"string","description_kind":"plain","optional":true},"id":{"type":"string","description_kind":"plain","optional":true,"computed":true},"slug":{"type":"string","description_kind":"plain","required":true}},"description_kind":"plain"}},"firehydrant_team":{"version":0,"block":{"attributes":{"description":{"type":"string","description_kind":"plain","optional":true},"id":{"type":"string","description_kind":"plain","optional":true,"computed":true},"name":{"type":"string","description_kind":"plain","required":true}},"block_types":{"services":{"nesting_mode":"list","block":{"attributes":{"id":{"type":"string","description_kind":"plain","required":true},"name":{"type":"string","description_kind":"plain","computed":true}},"description_kind":"plain"}}},"description_kind":"plain"}}},"data_source_schemas":{"firehydrant_environment":{"version":0,"block":{"attributes":{"description":{"type":"string","description_kind":"plain","computed":true},"environment_id":{"type":"string","description_kind":"plain","required":true},"id":{"type":"string","description_kind":"plain","optional":true,"computed":true},"name":{"type":"string","description_kind":"plain","computed":true}},"description_kind":"plain"}},"firehydrant_functionality":{"version":0,"block":{"attributes":{"description":{"type":"string","description_kind":"plain","computed":true},"functionality_id":{"type":"string","description_kind":"plain","required":true},"id":{"type":"string","description_kind":"plain","optional":true,"computed":true},"name":{"type":"string","description_kind":"plain","computed":true}},"description_kind":"plain"}},"firehydrant_runbook":{"version":0,"block":{"attributes":{"description":{"type":"string","description_kind":"plain","computed":true},"id":{"type":"string","description_kind":"plain","required":true},"name":{"type":"string","description_kind":"plain","computed":true}},"description_kind":"plain"}},"firehydrant_runbook_action":{"version":0,"block":{"attributes":{"id":{"type":"string","description_kind":"plain","computed":true},"integration_slug":{"type":"string","description_kind":"plain","required":true},"name":{"type":"string","description_kind":"plain","computed":true},"slug":{"type":"string","description_kind":"plain","required":true},"type":{"type":"string","description_kind":"plain","required":true}},"description_kind":"plain"}},"firehydrant_service":{"version":0,"block":{"attributes":{"description":{"type":"string","description_kind":"plain","computed":true},"id":{"type":"string","description_kind":"plain","required":true},"name":{"type":"string","description_kind":"plain","computed":true},"service_tier":{"type":"number","description_kind":"plain","computed":true}},"description_kind":"plain"}},"firehydrant_services":{"version":0,"block":{"attributes":{"id":{"type":"string","description_kind":"plain","optional":true,"computed":true},"labels":{"type":["map","string"],"description_kind":"plain","optional":true},"query":{"type":"string","description_kind":"plain","optional":true},"services":{"type":["list",["object",{"description":"string","id":"string","name":"string","service_tier":"number"}]],"description_kind":"plain","computed":true}},"description_kind":"plain"}}}}}}
