{"format_version":"0.2","provider_schemas":{"registry.terraform.io/fnaoto/deploygate":{"provider":{"version":0,"block":{"attributes":{"api_key":{"type":"string","description_kind":"plain","optional":true,"sensitive":true}},"description_kind":"plain"}},"resource_schemas":{"deploygate_app_collaborator":{"version":0,"block":{"attributes":{"app_id":{"type":"string","description_kind":"plain","required":true},"id":{"type":"string","description_kind":"plain","optional":true,"computed":true},"owner":{"type":"string","description_kind":"plain","required":true},"platform":{"type":"string","description_kind":"plain","required":true}},"block_types":{"users":{"nesting_mode":"set","block":{"attributes":{"name":{"type":"string","description_kind":"plain","required":true},"role":{"type":"number","description_kind":"plain","optional":true}},"description_kind":"plain"},"min_items":1}},"description_kind":"plain"}},"deploygate_organization_member":{"version":0,"block":{"attributes":{"id":{"type":"string","description_kind":"plain","optional":true,"computed":true},"organization":{"type":"string","description_kind":"plain","required":true}},"block_types":{"members":{"nesting_mode":"set","block":{"attributes":{"icon_url":{"type":"string","description_kind":"plain","computed":true},"inviting":{"type":"bool","description_kind":"plain","computed":true},"name":{"type":"string","description_kind":"plain","required":true},"type":{"type":"string","description_kind":"plain","computed":true},"url":{"type":"string","description_kind":"plain","computed":true}},"description_kind":"plain"},"min_items":1}},"description_kind":"plain"}}},"data_source_schemas":{"deploygate_app_collaborator":{"version":0,"block":{"attributes":{"app_id":{"type":"string","description_kind":"plain","required":true},"id":{"type":"string","description_kind":"plain","optional":true,"computed":true},"owner":{"type":"string","description_kind":"plain","required":true},"platform":{"type":"string","description_kind":"plain","required":true},"users":{"type":["set",["object",{"name":"string","role":"number"}]],"description_kind":"plain","computed":true}},"description_kind":"plain"}},"deploygate_organization_member":{"version":0,"block":{"attributes":{"id":{"type":"string","description_kind":"plain","optional":true,"computed":true},"members":{"type":["set",["object",{"icon_url":"string","inviting":"bool","name":"string","type":"string","url":"string"}]],"description_kind":"plain","computed":true},"organization":{"type":"string","description_kind":"plain","required":true}},"description_kind":"plain"}}}}}}
