{"format_version":"0.2","provider_schemas":{"registry.terraform.io/foltik/vyos":{"provider":{"version":0,"block":{"attributes":{"cert":{"type":"string","description_kind":"plain","optional":true},"key":{"type":"string","description_kind":"plain","required":true,"sensitive":true},"url":{"type":"string","description_kind":"plain","required":true}},"description_kind":"plain"}},"resource_schemas":{"vyos_config":{"version":0,"block":{"attributes":{"id":{"type":"string","description":"The resource ID, same as the `key`","description_kind":"plain","computed":true},"key":{"type":"string","description":"Config path separated by spaces.","description_kind":"plain","required":true},"value":{"type":"string","description":"Config value.","description_kind":"plain","required":true}},"description":"This resource manages a single configuration value. This as well as vyos_config_block can act as a fallback when a dedicated resource does not exist.","description_kind":"plain"}},"vyos_config_block":{"version":0,"block":{"attributes":{"configs":{"type":["map","string"],"description":"Key/Value map of config parameters.","description_kind":"plain","required":true},"id":{"type":"string","description":"The resource ID, same as the `path`","description_kind":"plain","computed":true},"path":{"type":"string","description":"Config path seperated by spaces.","description_kind":"plain","required":true}},"description":"This resource is useful when a single command is not enough for a valid config commit. This as well as vyos_config can act as a fallback when a dedicated resource does not exist.","description_kind":"plain"}},"vyos_static_host_mapping":{"version":0,"block":{"attributes":{"host":{"type":"string","description":"Hostname.","description_kind":"plain","required":true},"id":{"type":"string","description_kind":"plain","optional":true,"computed":true},"ip":{"type":"string","description":"IPv4 address.","description_kind":"plain","required":true}},"description":"This resource manages a static host mapping with the given hostname and ipv4 address.","description_kind":"plain"}}},"data_source_schemas":{"vyos_config":{"version":0,"block":{"attributes":{"id":{"type":"string","description_kind":"plain","optional":true,"computed":true},"key":{"type":"string","description_kind":"plain","required":true},"value":{"type":"string","description_kind":"plain","computed":true}},"description_kind":"plain"}}}}}}
