{"format_version":"0.2","provider_schemas":{"registry.terraform.io/foreflight/teamcity":{"provider":{"version":0,"block":{"attributes":{"address":{"type":"string","description_kind":"plain","required":true},"password":{"type":"string","description_kind":"plain","optional":true},"token":{"type":"string","description_kind":"plain","optional":true},"username":{"type":"string","description_kind":"plain","optional":true}},"description_kind":"plain"}},"resource_schemas":{"teamcity_agent_pool":{"version":0,"block":{"attributes":{"id":{"type":"string","description_kind":"plain","optional":true,"computed":true},"max_agents":{"type":"number","description_kind":"plain","optional":true},"name":{"type":"string","description_kind":"plain","required":true}},"description_kind":"plain"}},"teamcity_agent_pool_project_assignment":{"version":0,"block":{"attributes":{"agent_pool_id":{"type":"number","description_kind":"plain","required":true},"disassociate_from_other_pools":{"type":"bool","description_kind":"plain","optional":true},"id":{"type":"string","description_kind":"plain","optional":true,"computed":true},"project_id":{"type":"string","description_kind":"plain","required":true}},"description_kind":"plain"}},"teamcity_agent_requirement":{"version":0,"block":{"attributes":{"build_config_id":{"type":"string","description_kind":"plain","required":true},"condition":{"type":"string","description_kind":"plain","required":true},"id":{"type":"string","description_kind":"plain","optional":true,"computed":true},"name":{"type":"string","description_kind":"plain","required":true},"value":{"type":"string","description_kind":"plain","optional":true}},"description_kind":"plain"}},"teamcity_artifact_dependency":{"version":0,"block":{"attributes":{"build_config_id":{"type":"string","description_kind":"plain","required":true},"clean_destination":{"type":"bool","description_kind":"plain","optional":true},"dependency_revision":{"type":"string","description_kind":"plain","optional":true},"id":{"type":"string","description_kind":"plain","optional":true,"computed":true},"path_rules":{"type":["list","string"],"description_kind":"plain","required":true},"revision":{"type":"string","description_kind":"plain","optional":true},"source_build_config_id":{"type":"string","description_kind":"plain","required":true}},"description_kind":"plain"}},"teamcity_build_config":{"version":1,"block":{"attributes":{"config_params":{"type":["map","string"],"description_kind":"plain","optional":true},"description":{"type":"string","description_kind":"plain","optional":true},"env_params":{"type":["map","string"],"description_kind":"plain","optional":true},"id":{"type":"string","description_kind":"plain","optional":true,"computed":true},"is_template":{"type":"bool","description_kind":"plain","optional":true},"name":{"type":"string","description_kind":"plain","required":true},"project_id":{"type":"string","description_kind":"plain","required":true},"settings":{"type":["set",["object",{"allow_personal_builds":"bool","artifact_paths":["list","string"],"build_counter":"number","build_number_format":"string","concurrent_limit":"number","configuration_type":"string","detect_hanging":"bool","status_widget":"bool"}]],"description_kind":"plain","optional":true,"computed":true},"sys_params":{"type":["map","string"],"description_kind":"plain","optional":true},"templates":{"type":["list","string"],"description_kind":"plain","optional":true}},"block_types":{"step":{"nesting_mode":"list","block":{"attributes":{"args":{"type":"string","description_kind":"plain","optional":true},"code":{"type":"string","description_kind":"plain","optional":true},"file":{"type":"string","description_kind":"plain","optional":true},"name":{"type":"string","description_kind":"plain","optional":true,"computed":true},"step_id":{"type":"string","description_kind":"plain","computed":true},"type":{"type":"string","description_kind":"plain","required":true}},"description_kind":"plain"}},"vcs_root":{"nesting_mode":"set","block":{"attributes":{"checkout_rules":{"type":["list","string"],"description_kind":"plain","optional":true},"id":{"type":"string","description_kind":"plain","required":true}},"description_kind":"plain"}}},"description_kind":"plain"}},"teamcity_build_trigger_build_finish":{"version":0,"block":{"attributes":{"after_successful_only":{"type":"bool","description_kind":"plain","optional":true},"branch_filter":{"type":["list","string"],"description_kind":"plain","optional":true},"build_config_id":{"type":"string","description_kind":"plain","required":true},"id":{"type":"string","description_kind":"plain","optional":true,"computed":true},"source_build_config_id":{"type":"string","description_kind":"plain","required":true}},"description_kind":"plain"}},"teamcity_build_trigger_schedule":{"version":0,"block":{"attributes":{"build_config_id":{"type":"string","description_kind":"plain","required":true},"enforce_clean_checkout":{"type":"bool","description_kind":"plain","optional":true},"enforce_clean_checkout_dependencies":{"type":"bool","description_kind":"plain","optional":true},"hour":{"type":"number","description_kind":"plain","required":true},"id":{"type":"string","description_kind":"plain","optional":true,"computed":true},"minute":{"type":"number","description_kind":"plain","optional":true},"on_all_compatible_agents":{"type":"bool","description_kind":"plain","optional":true},"only_if_watched_changes":{"type":"bool","description_kind":"plain","optional":true},"promote_watched_build":{"type":"bool","description_kind":"plain","optional":true},"queue_optimization":{"type":"bool","description_kind":"plain","optional":true},"revision":{"type":"string","description_kind":"plain","optional":true},"rules":{"type":["list","string"],"description_kind":"plain","optional":true},"schedule":{"type":"string","description_kind":"plain","required":true},"timezone":{"type":"string","description_kind":"plain","optional":true},"watched_branch":{"type":"string","description_kind":"plain","optional":true},"watched_build_config_id":{"type":"string","description_kind":"plain","optional":true},"weekday":{"type":"string","description_kind":"plain","optional":true},"with_pending_changes_only":{"type":"bool","description_kind":"plain","optional":true}},"description_kind":"plain"}},"teamcity_build_trigger_vcs":{"version":0,"block":{"attributes":{"branch_filter":{"type":["list","string"],"description_kind":"plain","optional":true},"build_config_id":{"type":"string","description_kind":"plain","required":true},"id":{"type":"string","description_kind":"plain","optional":true,"computed":true},"rules":{"type":["list","string"],"description_kind":"plain","required":true}},"description_kind":"plain"}},"teamcity_feature_commit_status_publisher":{"version":0,"block":{"attributes":{"build_config_id":{"type":"string","description_kind":"plain","required":true},"id":{"type":"string","description_kind":"plain","optional":true,"computed":true},"publisher":{"type":"string","description_kind":"plain","required":true}},"block_types":{"github":{"nesting_mode":"set","block":{"attributes":{"access_token":{"type":"string","description_kind":"plain","optional":true,"computed":true,"sensitive":true},"auth_type":{"type":"string","description_kind":"plain","required":true},"host":{"type":"string","description_kind":"plain","optional":true},"password":{"type":"string","description_kind":"plain","optional":true,"computed":true,"sensitive":true},"username":{"type":"string","description_kind":"plain","optional":true}},"description_kind":"plain"},"max_items":1}},"description_kind":"plain"}},"teamcity_group":{"version":0,"block":{"attributes":{"description":{"type":"string","description_kind":"plain","optional":true},"id":{"type":"string","description_kind":"plain","optional":true,"computed":true},"import_if_exists":{"type":"bool","description_kind":"plain","optional":true},"key":{"type":"string","description_kind":"plain","optional":true,"computed":true},"name":{"type":"string","description_kind":"plain","required":true}},"description_kind":"plain"}},"teamcity_group_role_assignment":{"version":0,"block":{"attributes":{"group_key":{"type":"string","description_kind":"plain","required":true},"id":{"type":"string","description_kind":"plain","optional":true,"computed":true},"project_id":{"type":"string","description_kind":"plain","required":true},"role_id":{"type":"string","description_kind":"plain","required":true}},"description_kind":"plain"}},"teamcity_project":{"version":0,"block":{"attributes":{"config_params":{"type":["map","string"],"description_kind":"plain","optional":true},"description":{"type":"string","description_kind":"plain","optional":true},"env_params":{"type":["map","string"],"description_kind":"plain","optional":true},"id":{"type":"string","description_kind":"plain","optional":true,"computed":true},"name":{"type":"string","description_kind":"plain","required":true},"parent_id":{"type":"string","description_kind":"plain","optional":true},"sys_params":{"type":["map","string"],"description_kind":"plain","optional":true}},"description_kind":"plain"}},"teamcity_snapshot_dependency":{"version":0,"block":{"attributes":{"build_config_id":{"type":"string","description_kind":"plain","required":true},"id":{"type":"string","description_kind":"plain","optional":true,"computed":true},"source_build_config_id":{"type":"string","description_kind":"plain","required":true}},"description_kind":"plain"}},"teamcity_vcs_root_git":{"version":0,"block":{"attributes":{"branches":{"type":["list","string"],"description":"Branches to monitor besides the default with a set of rules in the form of +|-:branch_name (with the optional * placeholder)","description_kind":"plain","optional":true},"default_branch":{"type":"string","description":"Branch specification for the default branch to pull/push from/to and inspec changes. Ex: refs/head/master","description_kind":"plain","required":true},"enable_branch_spec_tags":{"type":"bool","description":"If true, tags can be used in the branch specification","description_kind":"plain","optional":true},"fetch_url":{"type":"string","description":"URL used to pull source code for this VCS. For HTTP, prefix with http(s)://. For SSH, use user@server.com.","description_kind":"plain","required":true},"id":{"type":"string","description_kind":"plain","optional":true,"computed":true},"modification_check_interval":{"type":"number","description":"Specifies how often TeamCity polls the VCS repository for VCS changes (in seconds)","description_kind":"plain","optional":true},"name":{"type":"string","description":"Name to identify this Git VCS Root.","description_kind":"plain","required":true},"project_id":{"type":"string","description":"The ID for the parent project for this VCS Root. Required.","description_kind":"plain","required":true},"push_url":{"type":"string","description":"URL used to push if needed. Assumes the same as fetch_url if not specified.","description_kind":"plain","optional":true,"computed":true},"submodule_checkout":{"type":"string","description":"Defines whether to checkout submodules. Use either 'checkout' or 'ignore'.","description_kind":"plain","optional":true},"username_style":{"type":"string","description":"Defines a way TeamCity binds VCS changes to the user. Changing username style will affect only newly collected changes. Old changes will continue to be stored with the style that was active at the time of collecting changes. Allowed values: 'userid', 'author_name', 'author_email', 'author_full'","description_kind":"plain","optional":true}},"block_types":{"agent":{"nesting_mode":"set","block":{"attributes":{"clean_files_policy":{"type":"string","description_kind":"plain","optional":true},"clean_policy":{"type":"string","description_kind":"plain","optional":true},"git_path":{"type":"string","description_kind":"plain","optional":true},"use_mirrors":{"type":"bool","description_kind":"plain","optional":true}},"description":"Agent settings for the VCS Root","description_kind":"plain"},"max_items":1},"auth":{"nesting_mode":"set","block":{"attributes":{"key_spec":{"type":"string","description":"For 'customKey' refers to the path to a private key. For 'uploadedKey', corresponds to the name of the SSH Key uploaded into the project. Required if using 'customKey' or 'uploadedKey'.","description_kind":"plain","optional":true},"password":{"type":"string","description":"Password if using 'userpass' auth. Private key passphrase if using 'uploadedKey' or 'customKey'. Required if not anonymous auth.","description_kind":"plain","optional":true,"computed":true,"sensitive":true},"ssh_type":{"type":"string","description":"If using SSH, this field specifies how the SSH Key will be sourced.","description_kind":"plain","optional":true},"type":{"type":"string","description_kind":"plain","required":true},"username":{"type":"string","description_kind":"plain","optional":true}},"description":"Authentication configuration for VCS Root. If not specified, defaults to anonymous auth.","description_kind":"plain"},"max_items":1}},"description_kind":"plain"}}},"data_source_schemas":{"teamcity_agent_pool":{"version":0,"block":{"attributes":{"id":{"type":"string","description_kind":"plain","optional":true,"computed":true},"max_agents":{"type":"number","description_kind":"plain","computed":true},"name":{"type":"string","description_kind":"plain","required":true}},"description_kind":"plain"}},"teamcity_project":{"version":0,"block":{"attributes":{"id":{"type":"string","description_kind":"plain","optional":true,"computed":true},"name":{"type":"string","description_kind":"plain","optional":true,"computed":true},"parent_project_id":{"type":"string","description_kind":"plain","computed":true},"project_id":{"type":"string","description_kind":"plain","optional":true},"url":{"type":"string","description_kind":"plain","computed":true}},"description_kind":"plain"}}}}}}
