{"format_version":"0.2","provider_schemas":{"registry.terraform.io/foryouandyourcustomers/sapcc":{"provider":{"version":0,"block":{"attributes":{"api_baseurl":{"type":"string","description":"The base url for SAP Commerce Cloud API. Default: `https://portalrotapi.hana.ondemand.com/v2/subscriptions`","description_kind":"plain","optional":true},"auth_token":{"type":"string","description":"The API token that grant you access to Commerce Cloud APIs. Can be specified with the `SAPCC_AUTH_TOKEN` environment variable.","description_kind":"plain","optional":true,"sensitive":true},"subscription_id":{"type":"string","description":"The Subscription Id associated with the SAP Commerce Cloud. Can be specified with the `SAPCC_SUBSCRIPTION_ID` environment variable.","description_kind":"plain","optional":true}},"description_kind":"plain"}},"resource_schemas":{"sapcc_deployment":{"version":0,"block":{"attributes":{"build_code":{"type":"string","description":"The build code associated with this deployment.","description_kind":"plain","required":true},"cancelation":{"nested_type":{"attributes":{"canceled_by":{"type":"string","description":"The UserId of the user who cancelled the deployment.","description_kind":"plain","required":true,"computed":true},"failed":{"type":"bool","description":"If the deployment failed.","description_kind":"plain","required":true,"computed":true},"finished_timestamp":{"type":"string","description":"The deployment finished timestamp.","description_kind":"plain","required":true,"computed":true},"rollback_database":{"type":"bool","description":"Id the database was rollback.","description_kind":"plain","required":true,"computed":true},"start_timestamp":{"type":"string","description":"The deployment start of the timestamp.","description_kind":"plain","required":true,"computed":true}},"nesting_mode":"list"},"description":"If the deployment was cancelled, the cancellation details.","description_kind":"plain","optional":true,"computed":true},"code":{"type":"string","description":"The deployment code assigned to this deployment.","description_kind":"plain","optional":true,"computed":true},"created_by":{"type":"string","description":"The User Id of the user who created this build.","description_kind":"plain","optional":true,"computed":true},"created_timestamp":{"type":"string","description":"Build start timestamp in UTC.","description_kind":"plain","optional":true,"computed":true},"database_update_mode":{"type":"string","description":"The database update mode for the deployment.","description_kind":"plain","required":true},"deploy_progress_percentage":{"type":"number","description":"Overall deployment progress percentage.","description_kind":"plain","optional":true,"computed":true},"deployed_timestamp":{"type":"string","description":"Deploy start timestamp in UTC.","description_kind":"plain","optional":true,"computed":true},"environment_code":{"type":"string","description":"The environment code of the environment of the deployment.","description_kind":"plain","required":true},"failed_timestamp":{"type":"string","description":"If the deployment fails, the failed timestamp.","description_kind":"plain","optional":true,"computed":true},"scheduled_timestamp":{"type":"string","description":"Timestamp when the deployment was initially scheduled.","description_kind":"plain","optional":true,"computed":true},"status":{"type":"string","description":"Status of the Deployment.","description_kind":"plain","optional":true,"computed":true},"strategy":{"type":"string","description":"The strategy used for this deployment.","description_kind":"plain","required":true},"subscription_code":{"type":"string","description":"The subscription id associated to the build.","description_kind":"plain","optional":true,"computed":true},"undeployed_timestamp":{"type":"string","description":"If the deployment was rolledback, the rollback timestamp.","description_kind":"plain","optional":true,"computed":true}},"description":"Creates \u0026 triggers a deployment for SAP Commerce Cloud. More information on the configuration parameters at [createDeployment api](https://help.sap.com/viewer/452dcbb0e00f47e88a69cdaeb87a925d/v1905/en-US/d80fd1dbefff4b8bbbbac66822d4a038.html)","description_kind":"plain"}}},"data_source_schemas":{"sapcc_build":{"version":0,"block":{"attributes":{"application_code":{"type":"string","description":"The application code for the build.","description_kind":"plain","optional":true,"computed":true},"application_definition_version":{"type":"string","description":"The application definition version.","description_kind":"plain","optional":true,"computed":true},"branch":{"type":"string","description":"The name of the source branch used for creating the build.","description_kind":"plain","optional":true,"computed":true},"build_end_timestamp":{"type":"string","description":"The timestamp when the build was ended.","description_kind":"plain","optional":true,"computed":true},"build_start_timestamp":{"type":"string","description":"The timestamp when the build was started.","description_kind":"plain","optional":true,"computed":true},"build_version":{"type":"string","description":"The full build version.","description_kind":"plain","optional":true,"computed":true},"code":{"type":"string","description":"The build code for this build.","description_kind":"plain","required":true},"created_by":{"type":"string","description":"The S-user Id of the user who created this build.","description_kind":"plain","optional":true,"computed":true},"name":{"type":"string","description":"The name of the build used when it was created.","description_kind":"plain","optional":true,"computed":true},"properties":{"nested_type":{"attributes":{"key":{"type":"string","description":"Key of the property.","description_kind":"plain","required":true,"computed":true},"val":{"type":"string","description":"Value associated with this property.","description_kind":"plain","required":true,"computed":true}},"nesting_mode":"list"},"description":"List of properties associated with this build.","description_kind":"plain","optional":true,"computed":true},"status":{"type":"string","description":"The final status of this build.","description_kind":"plain","optional":true,"computed":true},"subscription_code":{"type":"string","description":"The subscription id associated to the build.","description_kind":"plain","optional":true,"computed":true}},"description":"Fetches the  Commerce Cloud build details for the provided build `code`. More information on the configuration parameters at [getBuild api](https://help.sap.com/viewer/452dcbb0e00f47e88a69cdaeb87a925d/v1905/en-US/9041daaf93c144acb4726f0c86e58337.html)","description_kind":"plain"}},"sapcc_deployment":{"version":0,"block":{"attributes":{"build_code":{"type":"string","description":"The build code associated with this deployment.","description_kind":"plain","optional":true,"computed":true},"cancelation":{"nested_type":{"attributes":{"canceled_by":{"type":"string","description":"The UserId of the user who cancelled the deployment.","description_kind":"plain","optional":true,"computed":true},"failed":{"type":"bool","description":"If the deployment failed.","description_kind":"plain","optional":true,"computed":true},"finished_timestamp":{"type":"string","description":"The deployment finished timestamp.","description_kind":"plain","optional":true,"computed":true},"rollback_database":{"type":"bool","description":"Id the database was rollback.","description_kind":"plain","optional":true,"computed":true},"start_timestamp":{"type":"string","description":"The deployment start of the timestamp.","description_kind":"plain","optional":true,"computed":true}},"nesting_mode":"list"},"description":"If the deployment was cancelled, the cancellation details.","description_kind":"plain","optional":true,"computed":true},"code":{"type":"string","description":"The deployment code assigned to this deployment.","description_kind":"plain","required":true},"created_by":{"type":"string","description":"The User Id of the user who created this build.","description_kind":"plain","optional":true,"computed":true},"created_timestamp":{"type":"string","description":"Build start timestamp in UTC.","description_kind":"plain","optional":true,"computed":true},"database_update_mode":{"type":"string","description":"The database update mode for the deployment.","description_kind":"plain","optional":true,"computed":true},"deploy_progress_percentage":{"type":"number","description":"Overall deployment progress percentage.","description_kind":"plain","optional":true,"computed":true},"deployed_timestamp":{"type":"string","description":"Deploy start timestamp in UTC.","description_kind":"plain","optional":true,"computed":true},"environment_code":{"type":"string","description":"The environment code of the environment of the deployment.","description_kind":"plain","optional":true},"failed_timestamp":{"type":"string","description":"If the deployment fails, the failed timestamp.","description_kind":"plain","optional":true,"computed":true},"scheduled_timestamp":{"type":"string","description":"Timestamp when the deployment was initially scheduled.","description_kind":"plain","optional":true,"computed":true},"status":{"type":"string","description":"Status of the models.Deployment.","description_kind":"plain","optional":true,"computed":true},"strategy":{"type":"string","description":"The strategy used for this deployment.","description_kind":"plain","optional":true,"computed":true},"subscription_code":{"type":"string","description":"The subscription id associated to the build.","description_kind":"plain","optional":true,"computed":true},"undeployed_timestamp":{"type":"string","description":"If the deployment was rolledback, the rollback timestamp.","description_kind":"plain","optional":true,"computed":true}},"description":"Fetches the  Commerce Cloud deployment details for the provided deployment `code`. More information on the configuration parameters at [getDeployment api](https://help.sap.com/viewer/452dcbb0e00f47e88a69cdaeb87a925d/v1905/en-US/d86d3539bd284410bc83817297a117ac.html)","description_kind":"plain"}}}}}}
