{"format_version":"0.2","provider_schemas":{"registry.terraform.io/franckverrot/stripe":{"provider":{"version":0,"block":{"attributes":{"api_token":{"type":"string","description_kind":"plain","optional":true}},"description_kind":"plain"}},"resource_schemas":{"stripe_coupon":{"version":0,"block":{"attributes":{"amount_off":{"type":"number","description_kind":"plain","optional":true},"code":{"type":"string","description_kind":"plain","required":true},"created":{"type":"number","description_kind":"plain","computed":true},"currency":{"type":"string","description_kind":"plain","optional":true},"duration":{"type":"string","description_kind":"plain","required":true},"duration_in_months":{"type":"number","description_kind":"plain","optional":true},"id":{"type":"string","description_kind":"plain","optional":true,"computed":true},"livemode":{"type":"bool","description_kind":"plain","computed":true},"max_redemptions":{"type":"number","description_kind":"plain","optional":true},"metadata":{"type":["map","string"],"description_kind":"plain","optional":true},"name":{"type":"string","description_kind":"plain","optional":true},"percent_off":{"type":"number","description_kind":"plain","optional":true},"redeem_by":{"type":"string","description_kind":"plain","optional":true},"times_redeemed":{"type":"number","description_kind":"plain","computed":true},"valid":{"type":"bool","description_kind":"plain","computed":true}},"description_kind":"plain"}},"stripe_plan":{"version":0,"block":{"attributes":{"active":{"type":"bool","description_kind":"plain","optional":true},"aggregate_usage":{"type":"string","description_kind":"plain","optional":true},"amount":{"type":"number","description_kind":"plain","optional":true,"computed":true},"amount_decimal":{"type":"number","description_kind":"plain","optional":true,"computed":true},"billing_scheme":{"type":"string","description_kind":"plain","optional":true},"currency":{"type":"string","description_kind":"plain","required":true},"id":{"type":"string","description_kind":"plain","optional":true,"computed":true},"interval":{"type":"string","description_kind":"plain","required":true},"interval_count":{"type":"number","description_kind":"plain","optional":true},"metadata":{"type":["map","string"],"description_kind":"plain","optional":true},"nickname":{"type":"string","description_kind":"plain","optional":true},"plan_id":{"type":"string","description_kind":"plain","optional":true,"computed":true},"product":{"type":"string","description_kind":"plain","required":true},"tiers_mode":{"type":"string","description_kind":"plain","optional":true},"trial_period_days":{"type":"number","description_kind":"plain","optional":true},"usage_type":{"type":"string","description_kind":"plain","optional":true}},"block_types":{"tier":{"nesting_mode":"list","block":{"attributes":{"flat_amount":{"type":"number","description_kind":"plain","optional":true,"computed":true},"flat_amount_decimal":{"type":"number","description_kind":"plain","optional":true,"computed":true},"unit_amount":{"type":"number","description_kind":"plain","optional":true,"computed":true},"unit_amount_decimal":{"type":"number","description_kind":"plain","optional":true,"computed":true},"up_to":{"type":"number","description_kind":"plain","optional":true},"up_to_inf":{"type":"bool","description_kind":"plain","optional":true}},"description_kind":"plain"}},"transform_usage":{"nesting_mode":"list","block":{"attributes":{"divide_by":{"type":"number","description_kind":"plain","required":true},"round":{"type":"string","description_kind":"plain","required":true}},"description_kind":"plain"},"max_items":1}},"description_kind":"plain"}},"stripe_price":{"version":0,"block":{"attributes":{"active":{"type":"bool","description_kind":"plain","optional":true},"billing_scheme":{"type":"string","description_kind":"plain","optional":true},"created":{"type":"number","description_kind":"plain","computed":true},"currency":{"type":"string","description_kind":"plain","required":true},"id":{"type":"string","description_kind":"plain","optional":true,"computed":true},"livemode":{"type":"bool","description_kind":"plain","computed":true},"metadata":{"type":["map","string"],"description_kind":"plain","optional":true},"nickname":{"type":"string","description_kind":"plain","optional":true},"price_id":{"type":"string","description_kind":"plain","optional":true,"computed":true},"product":{"type":"string","description_kind":"plain","optional":true},"recurring":{"type":["map","string"],"description_kind":"plain","optional":true},"tiers_mode":{"type":"string","description_kind":"plain","optional":true},"unit_amount":{"type":"number","description_kind":"plain","optional":true,"computed":true},"unit_amount_decimal":{"type":"number","description_kind":"plain","optional":true,"computed":true}},"block_types":{"tier":{"nesting_mode":"list","block":{"attributes":{"flat_amount":{"type":"number","description_kind":"plain","optional":true,"computed":true},"flat_amount_decimal":{"type":"number","description_kind":"plain","optional":true,"computed":true},"unit_amount":{"type":"number","description_kind":"plain","optional":true,"computed":true},"unit_amount_decimal":{"type":"number","description_kind":"plain","optional":true,"computed":true},"up_to":{"type":"number","description_kind":"plain","optional":true},"up_to_inf":{"type":"bool","description_kind":"plain","optional":true}},"description_kind":"plain"}}},"description_kind":"plain"}},"stripe_product":{"version":0,"block":{"attributes":{"active":{"type":"bool","description_kind":"plain","optional":true},"attributes":{"type":["list","string"],"description_kind":"plain","optional":true},"id":{"type":"string","description_kind":"plain","optional":true,"computed":true},"metadata":{"type":["map","string"],"description_kind":"plain","optional":true},"name":{"type":"string","description_kind":"plain","required":true},"product_id":{"type":"string","description_kind":"plain","optional":true,"computed":true},"statement_descriptor":{"type":"string","description_kind":"plain","optional":true},"type":{"type":"string","description_kind":"plain","required":true},"unit_label":{"type":"string","description_kind":"plain","optional":true}},"description_kind":"plain"}},"stripe_tax_rate":{"version":0,"block":{"attributes":{"active":{"type":"bool","description_kind":"plain","required":true},"created":{"type":"number","description_kind":"plain","computed":true},"description":{"type":"string","description_kind":"plain","optional":true},"display_name":{"type":"string","description_kind":"plain","required":true},"id":{"type":"string","description_kind":"plain","optional":true,"computed":true},"inclusive":{"type":"bool","description_kind":"plain","required":true},"jurisdiction":{"type":"string","description_kind":"plain","optional":true},"livemode":{"type":"bool","description_kind":"plain","computed":true},"metadata":{"type":["map","string"],"description_kind":"plain","optional":true},"percentage":{"type":"number","description_kind":"plain","required":true}},"description_kind":"plain"}},"stripe_webhook_endpoint":{"version":0,"block":{"attributes":{"connect":{"type":"bool","description_kind":"plain","optional":true},"enabled_events":{"type":["list","string"],"description_kind":"plain","required":true},"id":{"type":"string","description_kind":"plain","optional":true,"computed":true},"secret":{"type":"string","description_kind":"plain","computed":true},"url":{"type":"string","description_kind":"plain","required":true}},"description_kind":"plain"}}}}}}
