{"format_version":"0.2","provider_schemas":{"registry.terraform.io/fugue/fugue":{"provider":{"version":0,"block":{"attributes":{"client_id":{"type":"string","description":"Fugue API client ID. Specify using the FUGUE_API_ID environment variable.","description_kind":"plain","optional":true},"client_secret":{"type":"string","description":"Fugue API client secret. Specify using the FUGUE_API_SECRET environment variable.","description_kind":"plain","optional":true,"sensitive":true}},"description_kind":"plain"}},"resource_schemas":{"fugue_aws_environment":{"version":0,"block":{"attributes":{"compliance_families":{"type":["set","string"],"description":"The set of compliance families to enable in this environment, e.g. [\"CIS\", \"SOC2\", \"FBP\", \"NIST\", \"HIPAA\"].","description_kind":"plain","optional":true},"govcloud":{"type":"bool","description":"Indicates whether this is an AWS GovCloud account.","description_kind":"plain","optional":true},"id":{"type":"string","description":"The unique ID for this environment as generated by Fugue.","description_kind":"plain","computed":true},"name":{"type":"string","description":"The name for the environment.","description_kind":"plain","required":true},"regions":{"type":["set","string"],"description":"The AWS region names to include in this environment. Use `*` to capture all supported regions.","description_kind":"plain","required":true},"resource_types":{"type":["set","string"],"description":"The set of resource types to scan in this environment. You can use the `fugue_aws_types` data source to access the full list.","description_kind":"plain","required":true},"role_arn":{"type":"string","description":"The AWS IAM role ARN used to provide Fugue secure access to the AWS account.","description_kind":"plain","required":true},"scan_interval":{"type":"number","description":"Controls the time in seconds between scheduled scans of this environment.","description_kind":"plain","optional":true},"scan_schedule_enabled":{"type":"bool","description":"Controls whether this environment is scanned on a schedule.","description_kind":"plain","optional":true},"scan_status":{"type":"string","description":"Indicates whether a scan on this environment is currently running.","description_kind":"plain","computed":true}},"description":"`fugue_aws_environment` manages an Environment in Fugue corresponding to one AWS account.","description_kind":"plain"}},"fugue_azure_environment":{"version":0,"block":{"attributes":{"application_id":{"type":"string","description":"The Azure Active Directory application ID used for Fugue.","description_kind":"plain","required":true},"client_secret":{"type":"string","description":"The Azure secret generated for the Active Directory application.","description_kind":"plain","required":true,"sensitive":true},"compliance_families":{"type":["set","string"],"description":"The set of compliance families to enable in this environment.","description_kind":"plain","optional":true},"id":{"type":"string","description":"The unique ID for this environment as generated by Fugue.","description_kind":"plain","computed":true},"name":{"type":"string","description":"The name for the environment.","description_kind":"plain","required":true},"scan_interval":{"type":"number","description":"Controls the time in seconds between scheduled scans of this environment.","description_kind":"plain","optional":true},"scan_schedule_enabled":{"type":"bool","description":"Controls whether this environment is scanned on a schedule.","description_kind":"plain","optional":true},"scan_status":{"type":"string","description":"Indicates whether a scan on this environment is currently running.","description_kind":"plain","computed":true},"subscription_id":{"type":"string","description":"The Azure subscription ID.","description_kind":"plain","required":true},"survey_resource_groups":{"type":["set","string"],"description":"Survey resource groups.","description_kind":"plain","required":true},"tenant_id":{"type":"string","description":"The Azure Tenant ID.","description_kind":"plain","required":true}},"description":"`fugue_azure_environment` manages an Environment in Fugue corresponding to one Azure subscription.","description_kind":"plain"}},"fugue_family":{"version":0,"block":{"attributes":{"always_enabled":{"type":"bool","description":"Whether the family will automatically be enabled on all environments.","description_kind":"plain","optional":true},"description":{"type":"string","description":"The description of the family.","description_kind":"plain","required":true},"id":{"type":"string","description":"The unique ID for this family as generated by Fugue.","description_kind":"plain","computed":true},"name":{"type":"string","description":"The name of the family.","description_kind":"plain","required":true},"recommended":{"type":"bool","description":"Whether the family is recommended.","description_kind":"plain","optional":true},"rule_ids":{"type":["list","string"],"description":"The rule IDs which belong to this family.","description_kind":"plain","optional":true}},"description":"`fugue_family` manages a custom compliance family in Fugue.","description_kind":"plain"}},"fugue_google_environment":{"version":0,"block":{"attributes":{"compliance_families":{"type":["set","string"],"description":"The set of compliance families to enable in this environment, e.g. [\"CIS-Google_v1.1.0\"].","description_kind":"plain","optional":true},"id":{"type":"string","description":"The unique ID for this environment as generated by Fugue.","description_kind":"plain","computed":true},"name":{"type":"string","description":"The name for the environment.","description_kind":"plain","required":true},"project_id":{"type":"string","description":"The Google project ID. If not specified, it defaults to the project containing the provided service account email.","description_kind":"plain","optional":true},"scan_interval":{"type":"number","description":"Controls the time in seconds between scheduled scans of this environment.","description_kind":"plain","optional":true},"scan_schedule_enabled":{"type":"bool","description":"Controls whether this environment is scanned on a schedule.","description_kind":"plain","optional":true},"scan_status":{"type":"string","description":"Indicates whether a scan on this environment is currently running.","description_kind":"plain","computed":true},"service_account_email":{"type":"string","description":"The Google service account email used to provide Fugue secure access to the Google project.","description_kind":"plain","required":true}},"description":"`fugue_google_environment` manages an Environment in Fugue corresponding to one Google project.","description_kind":"plain"}},"fugue_notification":{"version":0,"block":{"attributes":{"emails":{"type":["set","string"],"description":"The email addresses to be notified.","description_kind":"plain","optional":true},"environments":{"type":["set","string"],"description":"The environments to be monitored.","description_kind":"plain","required":true},"events":{"type":["set","string"],"description":"Event types to be monitored.","description_kind":"plain","required":true},"id":{"type":"string","description":"The ID for this notification as generated by Fugue.","description_kind":"plain","computed":true},"name":{"type":"string","description":"The name of the notification. Must be unique.","description_kind":"plain","required":true},"topic_arn":{"type":"string","description":"SNS topic ARN to be notified.","description_kind":"plain","optional":true}},"description":"`fugue_notification` manages a notification in Fugue.","description_kind":"plain"}},"fugue_rule":{"version":0,"block":{"attributes":{"cloud_provider":{"type":"string","description":"Indicates which environment type this rule is intended to be used with. One of: AWS, AWS_GOVCLOUD, AZURE, or GOOGLE.","description_kind":"plain","required":true},"description":{"type":"string","description":"A description of this rule.","description_kind":"plain","required":true},"id":{"type":"string","description":"The unique ID for this rule as generated by Fugue.","description_kind":"plain","computed":true},"name":{"type":"string","description":"The name of the rule.","description_kind":"plain","required":true},"resource_type":{"type":"string","description":"The resource type evaluated by this rule. This may be a string like `AWS.S3.Bucket` or `MULTIPLE` to indicate that multiple types are evaluated.","description_kind":"plain","required":true},"rule_text":{"type":"string","description":"The Rego code for the rule, as a string.","description_kind":"plain","required":true},"severity":{"type":"string","description":"Severity of this rule: Informational, Low, Medium, High, or Critical.","description_kind":"plain","required":true},"source":{"type":"string","description":"The source of this rule: FUGUE or CUSTOM.","description_kind":"plain","computed":true}},"description":"`fugue_rule` manages the code and configuration for a rule in Fugue.","description_kind":"plain"}},"fugue_rule_waiver":{"version":0,"block":{"attributes":{"comment":{"type":"string","description":"A comment describing the purpose of the waiver.","description_kind":"plain","required":true},"environment_id":{"type":"string","description":"The environment containing the resource to be waived.","description_kind":"plain","required":true},"id":{"type":"string","description":"The unique ID for this waiver as generated by Fugue.","description_kind":"plain","computed":true},"name":{"type":"string","description":"The name of the waiver.","description_kind":"plain","required":true},"resource_id":{"type":"string","description":"The ID string of the resource, such as `my-s3-bucket`.","description_kind":"plain","required":true},"resource_provider":{"type":"string","description":"A provider string like `aws.us-east-2` or `azure` describing the location of the resource.","description_kind":"plain","required":true},"resource_tag":{"type":"string","description":"A resource tag to match on, such as `Team:Engineering`.","description_kind":"plain","optional":true},"resource_type":{"type":"string","description":"The type string of the resource, such as `AWS.S3.Bucket`.","description_kind":"plain","required":true},"rule_id":{"type":"string","description":"The ID of the rule to be waived, such as `FG_R00229`.","description_kind":"plain","required":true}},"description":"`fugue_rule_waiver` manages a rule waiver in Fugue for a given rule ID and resource.","description_kind":"plain"}}},"data_source_schemas":{"fugue_aws_types":{"version":0,"block":{"attributes":{"govcloud":{"type":"bool","description_kind":"plain","optional":true},"id":{"type":"string","description_kind":"plain","optional":true,"computed":true},"region":{"type":"string","description_kind":"plain","optional":true},"types":{"type":["list","string"],"description_kind":"plain","computed":true}},"description":"`fugue_aws_environment` data source can be used to retrieve information about a Fugue AWS environment.","description_kind":"plain"}},"fugue_environment":{"version":0,"block":{"attributes":{"cloud_provider":{"type":"string","description":"The provider of this environment.","description_kind":"plain","computed":true},"id":{"type":"string","description":"The unique ID for this environment.","description_kind":"plain","computed":true},"name":{"type":"string","description":"The name of this environment.","description_kind":"plain","computed":true}},"block_types":{"filter":{"nesting_mode":"set","block":{"attributes":{"name":{"type":"string","description":"Name of the field you want to apply this filter to.","description_kind":"plain","required":true},"values":{"type":["list","string"],"description":"Value to match","description_kind":"plain","required":true}},"description":"Filters. The result is restricted to the intersection of the result of all filters.","description_kind":"plain"}}},"description":"`fugue_environment` data source can be used to retrieve information about a Fugue environment.","description_kind":"plain"}},"fugue_environments":{"version":0,"block":{"attributes":{"id":{"type":"string","description_kind":"plain","optional":true,"computed":true},"ids":{"type":["list","string"],"description":"List of the ID of each result.","description_kind":"plain","computed":true}},"block_types":{"filter":{"nesting_mode":"set","block":{"attributes":{"name":{"type":"string","description":"Name of the field you want to apply this filter to.","description_kind":"plain","required":true},"values":{"type":["list","string"],"description":"Value to match","description_kind":"plain","required":true}},"description":"Filters. The result is restricted to the intersection of the result of all filters.","description_kind":"plain"}}},"description":"Multi-result version of `fugue_environment` where the results are placed in the `ids` element.","description_kind":"plain"}},"fugue_rule":{"version":0,"block":{"attributes":{"cloud_provider":{"type":"string","description":"The provider of this rule.","description_kind":"plain","computed":true},"description":{"type":"string","description":"The description of this rule.","description_kind":"plain","computed":true},"id":{"type":"string","description":"The unique ID for this rule.","description_kind":"plain","computed":true},"name":{"type":"string","description":"The name of this rule.","description_kind":"plain","computed":true},"resource_type":{"type":"string","description":"The resource type of this rule.","description_kind":"plain","computed":true},"rule_text":{"type":"string","description":"The text of this rule.","description_kind":"plain","computed":true},"severity":{"type":"string","description":"The severity of this rule.","description_kind":"plain","computed":true},"source":{"type":"string","description":"The source of this rule.","description_kind":"plain","computed":true},"status":{"type":"string","description":"The status of this rule.","description_kind":"plain","computed":true}},"block_types":{"filter":{"nesting_mode":"set","block":{"attributes":{"name":{"type":"string","description":"Name of the field you want to apply this filter to.","description_kind":"plain","required":true},"values":{"type":["list","string"],"description":"Value to match","description_kind":"plain","required":true}},"description":"Filters. The result is restricted to the intersection of the result of all filters.","description_kind":"plain"}}},"description":"`fugue_rule` data source can be used to retrieve information about a Fugue rule.","description_kind":"plain"}},"fugue_rule_waiver":{"version":0,"block":{"attributes":{"comment":{"type":"string","description":"The comment associated with this waiver.","description_kind":"plain","computed":true},"environment_id":{"type":"string","description":"The ID of the environment this waiver is applied to.","description_kind":"plain","computed":true},"id":{"type":"string","description":"The unique ID for this waiver.","description_kind":"plain","computed":true},"name":{"type":"string","description":"The name of this waiver.","description_kind":"plain","computed":true},"resource_id":{"type":"string","description":"The ID of the resource the rule is being waived for.","description_kind":"plain","computed":true},"resource_provider":{"type":"string","description":"The provider of the resource the rule is being waived for.","description_kind":"plain","computed":true},"resource_tag":{"type":"string","description":"The type of the resource the rule is being waived for.","description_kind":"plain","computed":true},"resource_type":{"type":"string","description":"The type of the resource the rule is being waived for.","description_kind":"plain","computed":true},"rule_id":{"type":"string","description":"The ID of the rule being waived.","description_kind":"plain","computed":true}},"block_types":{"filter":{"nesting_mode":"set","block":{"attributes":{"name":{"type":"string","description":"Name of the field you want to apply this filter to.","description_kind":"plain","required":true},"values":{"type":["list","string"],"description":"Value to match","description_kind":"plain","required":true}},"description":"Filters. The result is restricted to the intersection of the result of all filters.","description_kind":"plain"}}},"description":"`fugue_rule_waiver` data source can be used to retrieve information about a Fugue rule waiver.","description_kind":"plain"}},"fugue_rule_waivers":{"version":0,"block":{"attributes":{"id":{"type":"string","description_kind":"plain","optional":true,"computed":true},"ids":{"type":["list","string"],"description":"List of the ID of each result.","description_kind":"plain","computed":true}},"block_types":{"filter":{"nesting_mode":"set","block":{"attributes":{"name":{"type":"string","description":"Name of the field you want to apply this filter to.","description_kind":"plain","required":true},"values":{"type":["list","string"],"description":"Value to match","description_kind":"plain","required":true}},"description":"Filters. The result is restricted to the intersection of the result of all filters.","description_kind":"plain"}}},"description":"Multi-result version of `fugue_rule_waiver` where the results are placed in the `ids` element.","description_kind":"plain"}},"fugue_rules":{"version":0,"block":{"attributes":{"id":{"type":"string","description_kind":"plain","optional":true,"computed":true},"ids":{"type":["list","string"],"description":"List of the ID of each result.","description_kind":"plain","computed":true}},"block_types":{"filter":{"nesting_mode":"set","block":{"attributes":{"name":{"type":"string","description":"Name of the field you want to apply this filter to.","description_kind":"plain","required":true},"values":{"type":["list","string"],"description":"Value to match","description_kind":"plain","required":true}},"description":"Filters. The result is restricted to the intersection of the result of all filters.","description_kind":"plain"}}},"description":"Multi-result version of `fugue_rule` where the results are placed in the `ids` element.","description_kind":"plain"}}}}}}
