{"format_version":"0.2","provider_schemas":{"registry.terraform.io/gaima8/cloudflare":{"provider":{"version":0,"block":{"attributes":{"account_id":{"type":"string","description":"Configure API client to always use that account","description_kind":"plain","optional":true},"api_client_logging":{"type":"bool","description":"Whether to print logs from the API client (using the default log library logger)","description_kind":"plain","optional":true},"api_key":{"type":"string","description":"The API key for operations.","description_kind":"plain","optional":true},"api_token":{"type":"string","description":"The API Token for operations.","description_kind":"plain","optional":true},"api_user_service_key":{"type":"string","description":"A special Cloudflare API key good for a restricted set of endpoints","description_kind":"plain","optional":true},"email":{"type":"string","description":"A registered Cloudflare email address","description_kind":"plain","optional":true},"max_backoff":{"type":"number","description":"Maximum backoff period in seconds after failed API calls","description_kind":"plain","optional":true},"min_backoff":{"type":"number","description":"Minimum backoff period in seconds after failed API calls","description_kind":"plain","optional":true},"retries":{"type":"number","description":"Maximum number of retries to perform when an API request fails","description_kind":"plain","optional":true},"rps":{"type":"number","description":"RPS limit to apply when making calls to the API","description_kind":"plain","optional":true}},"description_kind":"plain"}},"resource_schemas":{"cloudflare_access_application":{"version":0,"block":{"attributes":{"account_id":{"type":"string","description_kind":"plain","optional":true,"computed":true},"allowed_idps":{"type":["list","string"],"description_kind":"plain","optional":true},"aud":{"type":"string","description_kind":"plain","computed":true},"auto_redirect_to_identity":{"type":"bool","description_kind":"plain","optional":true},"custom_deny_message":{"type":"string","description_kind":"plain","optional":true},"custom_deny_url":{"type":"string","description_kind":"plain","optional":true},"domain":{"type":"string","description_kind":"plain","required":true},"enable_binding_cookie":{"type":"bool","description_kind":"plain","optional":true},"id":{"type":"string","description_kind":"plain","optional":true,"computed":true},"name":{"type":"string","description_kind":"plain","required":true},"session_duration":{"type":"string","description_kind":"plain","optional":true},"type":{"type":"string","description_kind":"plain","optional":true},"zone_id":{"type":"string","description_kind":"plain","optional":true,"computed":true}},"block_types":{"cors_headers":{"nesting_mode":"list","block":{"attributes":{"allow_all_headers":{"type":"bool","description_kind":"plain","optional":true},"allow_all_methods":{"type":"bool","description_kind":"plain","optional":true},"allow_all_origins":{"type":"bool","description_kind":"plain","optional":true},"allow_credentials":{"type":"bool","description_kind":"plain","optional":true},"allowed_headers":{"type":["set","string"],"description_kind":"plain","optional":true},"allowed_methods":{"type":["set","string"],"description_kind":"plain","optional":true},"allowed_origins":{"type":["set","string"],"description_kind":"plain","optional":true},"max_age":{"type":"number","description_kind":"plain","optional":true}},"description_kind":"plain"}}},"description_kind":"plain"}},"cloudflare_access_ca_certificate":{"version":0,"block":{"attributes":{"account_id":{"type":"string","description_kind":"plain","optional":true,"computed":true},"application_id":{"type":"string","description_kind":"plain","required":true},"aud":{"type":"string","description_kind":"plain","computed":true},"id":{"type":"string","description_kind":"plain","optional":true,"computed":true},"public_key":{"type":"string","description_kind":"plain","computed":true},"zone_id":{"type":"string","description_kind":"plain","optional":true,"computed":true}},"description_kind":"plain"}},"cloudflare_access_group":{"version":0,"block":{"attributes":{"account_id":{"type":"string","description_kind":"plain","optional":true},"id":{"type":"string","description_kind":"plain","optional":true,"computed":true},"name":{"type":"string","description_kind":"plain","required":true},"zone_id":{"type":"string","description_kind":"plain","optional":true,"computed":true}},"block_types":{"exclude":{"nesting_mode":"list","block":{"attributes":{"any_valid_service_token":{"type":"bool","description_kind":"plain","optional":true},"auth_method":{"type":"string","description_kind":"plain","optional":true},"certificate":{"type":"bool","description_kind":"plain","optional":true},"common_name":{"type":"string","description_kind":"plain","optional":true},"device_posture":{"type":["list","string"],"description_kind":"plain","optional":true},"email":{"type":["list","string"],"description_kind":"plain","optional":true},"email_domain":{"type":["list","string"],"description_kind":"plain","optional":true},"everyone":{"type":"bool","description_kind":"plain","optional":true},"geo":{"type":["list","string"],"description_kind":"plain","optional":true},"group":{"type":["list","string"],"description_kind":"plain","optional":true},"ip":{"type":["list","string"],"description_kind":"plain","optional":true},"login_method":{"type":["list","string"],"description_kind":"plain","optional":true},"service_token":{"type":["list","string"],"description_kind":"plain","optional":true}},"block_types":{"azure":{"nesting_mode":"list","block":{"attributes":{"id":{"type":["list","string"],"description_kind":"plain","optional":true},"identity_provider_id":{"type":"string","description_kind":"plain","optional":true}},"description_kind":"plain"}},"github":{"nesting_mode":"list","block":{"attributes":{"identity_provider_id":{"type":"string","description_kind":"plain","optional":true},"name":{"type":"string","description_kind":"plain","optional":true},"teams":{"type":["list","string"],"description_kind":"plain","optional":true}},"description_kind":"plain"}},"gsuite":{"nesting_mode":"list","block":{"attributes":{"email":{"type":["list","string"],"description_kind":"plain","optional":true},"identity_provider_id":{"type":"string","description_kind":"plain","optional":true}},"description_kind":"plain"}},"okta":{"nesting_mode":"list","block":{"attributes":{"identity_provider_id":{"type":"string","description_kind":"plain","optional":true},"name":{"type":["list","string"],"description_kind":"plain","optional":true}},"description_kind":"plain"}},"saml":{"nesting_mode":"list","block":{"attributes":{"attribute_name":{"type":"string","description_kind":"plain","optional":true},"attribute_value":{"type":"string","description_kind":"plain","optional":true},"identity_provider_id":{"type":"string","description_kind":"plain","optional":true}},"description_kind":"plain"}}},"description_kind":"plain"}},"include":{"nesting_mode":"list","block":{"attributes":{"any_valid_service_token":{"type":"bool","description_kind":"plain","optional":true},"auth_method":{"type":"string","description_kind":"plain","optional":true},"certificate":{"type":"bool","description_kind":"plain","optional":true},"common_name":{"type":"string","description_kind":"plain","optional":true},"device_posture":{"type":["list","string"],"description_kind":"plain","optional":true},"email":{"type":["list","string"],"description_kind":"plain","optional":true},"email_domain":{"type":["list","string"],"description_kind":"plain","optional":true},"everyone":{"type":"bool","description_kind":"plain","optional":true},"geo":{"type":["list","string"],"description_kind":"plain","optional":true},"group":{"type":["list","string"],"description_kind":"plain","optional":true},"ip":{"type":["list","string"],"description_kind":"plain","optional":true},"login_method":{"type":["list","string"],"description_kind":"plain","optional":true},"service_token":{"type":["list","string"],"description_kind":"plain","optional":true}},"block_types":{"azure":{"nesting_mode":"list","block":{"attributes":{"id":{"type":["list","string"],"description_kind":"plain","optional":true},"identity_provider_id":{"type":"string","description_kind":"plain","optional":true}},"description_kind":"plain"}},"github":{"nesting_mode":"list","block":{"attributes":{"identity_provider_id":{"type":"string","description_kind":"plain","optional":true},"name":{"type":"string","description_kind":"plain","optional":true},"teams":{"type":["list","string"],"description_kind":"plain","optional":true}},"description_kind":"plain"}},"gsuite":{"nesting_mode":"list","block":{"attributes":{"email":{"type":["list","string"],"description_kind":"plain","optional":true},"identity_provider_id":{"type":"string","description_kind":"plain","optional":true}},"description_kind":"plain"}},"okta":{"nesting_mode":"list","block":{"attributes":{"identity_provider_id":{"type":"string","description_kind":"plain","optional":true},"name":{"type":["list","string"],"description_kind":"plain","optional":true}},"description_kind":"plain"}},"saml":{"nesting_mode":"list","block":{"attributes":{"attribute_name":{"type":"string","description_kind":"plain","optional":true},"attribute_value":{"type":"string","description_kind":"plain","optional":true},"identity_provider_id":{"type":"string","description_kind":"plain","optional":true}},"description_kind":"plain"}}},"description_kind":"plain"},"min_items":1},"require":{"nesting_mode":"list","block":{"attributes":{"any_valid_service_token":{"type":"bool","description_kind":"plain","optional":true},"auth_method":{"type":"string","description_kind":"plain","optional":true},"certificate":{"type":"bool","description_kind":"plain","optional":true},"common_name":{"type":"string","description_kind":"plain","optional":true},"device_posture":{"type":["list","string"],"description_kind":"plain","optional":true},"email":{"type":["list","string"],"description_kind":"plain","optional":true},"email_domain":{"type":["list","string"],"description_kind":"plain","optional":true},"everyone":{"type":"bool","description_kind":"plain","optional":true},"geo":{"type":["list","string"],"description_kind":"plain","optional":true},"group":{"type":["list","string"],"description_kind":"plain","optional":true},"ip":{"type":["list","string"],"description_kind":"plain","optional":true},"login_method":{"type":["list","string"],"description_kind":"plain","optional":true},"service_token":{"type":["list","string"],"description_kind":"plain","optional":true}},"block_types":{"azure":{"nesting_mode":"list","block":{"attributes":{"id":{"type":["list","string"],"description_kind":"plain","optional":true},"identity_provider_id":{"type":"string","description_kind":"plain","optional":true}},"description_kind":"plain"}},"github":{"nesting_mode":"list","block":{"attributes":{"identity_provider_id":{"type":"string","description_kind":"plain","optional":true},"name":{"type":"string","description_kind":"plain","optional":true},"teams":{"type":["list","string"],"description_kind":"plain","optional":true}},"description_kind":"plain"}},"gsuite":{"nesting_mode":"list","block":{"attributes":{"email":{"type":["list","string"],"description_kind":"plain","optional":true},"identity_provider_id":{"type":"string","description_kind":"plain","optional":true}},"description_kind":"plain"}},"okta":{"nesting_mode":"list","block":{"attributes":{"identity_provider_id":{"type":"string","description_kind":"plain","optional":true},"name":{"type":["list","string"],"description_kind":"plain","optional":true}},"description_kind":"plain"}},"saml":{"nesting_mode":"list","block":{"attributes":{"attribute_name":{"type":"string","description_kind":"plain","optional":true},"attribute_value":{"type":"string","description_kind":"plain","optional":true},"identity_provider_id":{"type":"string","description_kind":"plain","optional":true}},"description_kind":"plain"}}},"description_kind":"plain"}}},"description_kind":"plain"}},"cloudflare_access_identity_provider":{"version":0,"block":{"attributes":{"account_id":{"type":"string","description_kind":"plain","optional":true},"id":{"type":"string","description_kind":"plain","optional":true,"computed":true},"name":{"type":"string","description_kind":"plain","required":true},"type":{"type":"string","description_kind":"plain","required":true},"zone_id":{"type":"string","description_kind":"plain","optional":true}},"block_types":{"config":{"nesting_mode":"list","block":{"attributes":{"api_token":{"type":"string","description_kind":"plain","optional":true},"apps_domain":{"type":"string","description_kind":"plain","optional":true},"attributes":{"type":["list","string"],"description_kind":"plain","optional":true},"auth_url":{"type":"string","description_kind":"plain","optional":true},"centrify_account":{"type":"string","description_kind":"plain","optional":true},"centrify_app_id":{"type":"string","description_kind":"plain","optional":true},"certs_url":{"type":"string","description_kind":"plain","optional":true},"client_id":{"type":"string","description_kind":"plain","optional":true},"client_secret":{"type":"string","description_kind":"plain","optional":true},"directory_id":{"type":"string","description_kind":"plain","optional":true},"email_attribute_name":{"type":"string","description_kind":"plain","optional":true},"idp_public_cert":{"type":"string","description_kind":"plain","optional":true},"issuer_url":{"type":"string","description_kind":"plain","optional":true},"okta_account":{"type":"string","description_kind":"plain","optional":true},"onelogin_account":{"type":"string","description_kind":"plain","optional":true},"redirect_url":{"type":"string","description_kind":"plain","optional":true,"computed":true},"sign_request":{"type":"bool","description_kind":"plain","optional":true},"sso_target_url":{"type":"string","description_kind":"plain","optional":true},"support_groups":{"type":"bool","description_kind":"plain","optional":true},"token_url":{"type":"string","description_kind":"plain","optional":true}},"description_kind":"plain"}}},"description_kind":"plain"}},"cloudflare_access_mutual_tls_certificate":{"version":0,"block":{"attributes":{"account_id":{"type":"string","description_kind":"plain","optional":true,"computed":true},"associated_hostnames":{"type":["list","string"],"description_kind":"plain","optional":true},"certificate":{"type":"string","description_kind":"plain","optional":true},"fingerprint":{"type":"string","description_kind":"plain","computed":true},"id":{"type":"string","description_kind":"plain","optional":true,"computed":true},"name":{"type":"string","description_kind":"plain","required":true},"zone_id":{"type":"string","description_kind":"plain","optional":true,"computed":true}},"description_kind":"plain"}},"cloudflare_access_policy":{"version":0,"block":{"attributes":{"account_id":{"type":"string","description_kind":"plain","optional":true,"computed":true},"application_id":{"type":"string","description_kind":"plain","required":true},"decision":{"type":"string","description_kind":"plain","required":true},"id":{"type":"string","description_kind":"plain","optional":true,"computed":true},"name":{"type":"string","description_kind":"plain","required":true},"precedence":{"type":"number","description_kind":"plain","required":true},"zone_id":{"type":"string","description_kind":"plain","optional":true,"computed":true}},"block_types":{"exclude":{"nesting_mode":"list","block":{"attributes":{"any_valid_service_token":{"type":"bool","description_kind":"plain","optional":true},"auth_method":{"type":"string","description_kind":"plain","optional":true},"certificate":{"type":"bool","description_kind":"plain","optional":true},"common_name":{"type":"string","description_kind":"plain","optional":true},"device_posture":{"type":["list","string"],"description_kind":"plain","optional":true},"email":{"type":["list","string"],"description_kind":"plain","optional":true},"email_domain":{"type":["list","string"],"description_kind":"plain","optional":true},"everyone":{"type":"bool","description_kind":"plain","optional":true},"geo":{"type":["list","string"],"description_kind":"plain","optional":true},"group":{"type":["list","string"],"description_kind":"plain","optional":true},"ip":{"type":["list","string"],"description_kind":"plain","optional":true},"login_method":{"type":["list","string"],"description_kind":"plain","optional":true},"service_token":{"type":["list","string"],"description_kind":"plain","optional":true}},"block_types":{"azure":{"nesting_mode":"list","block":{"attributes":{"id":{"type":["list","string"],"description_kind":"plain","optional":true},"identity_provider_id":{"type":"string","description_kind":"plain","optional":true}},"description_kind":"plain"}},"github":{"nesting_mode":"list","block":{"attributes":{"identity_provider_id":{"type":"string","description_kind":"plain","optional":true},"name":{"type":"string","description_kind":"plain","optional":true},"teams":{"type":["list","string"],"description_kind":"plain","optional":true}},"description_kind":"plain"}},"gsuite":{"nesting_mode":"list","block":{"attributes":{"email":{"type":["list","string"],"description_kind":"plain","optional":true},"identity_provider_id":{"type":"string","description_kind":"plain","optional":true}},"description_kind":"plain"}},"okta":{"nesting_mode":"list","block":{"attributes":{"identity_provider_id":{"type":"string","description_kind":"plain","optional":true},"name":{"type":["list","string"],"description_kind":"plain","optional":true}},"description_kind":"plain"}},"saml":{"nesting_mode":"list","block":{"attributes":{"attribute_name":{"type":"string","description_kind":"plain","optional":true},"attribute_value":{"type":"string","description_kind":"plain","optional":true},"identity_provider_id":{"type":"string","description_kind":"plain","optional":true}},"description_kind":"plain"}}},"description_kind":"plain"}},"include":{"nesting_mode":"list","block":{"attributes":{"any_valid_service_token":{"type":"bool","description_kind":"plain","optional":true},"auth_method":{"type":"string","description_kind":"plain","optional":true},"certificate":{"type":"bool","description_kind":"plain","optional":true},"common_name":{"type":"string","description_kind":"plain","optional":true},"device_posture":{"type":["list","string"],"description_kind":"plain","optional":true},"email":{"type":["list","string"],"description_kind":"plain","optional":true},"email_domain":{"type":["list","string"],"description_kind":"plain","optional":true},"everyone":{"type":"bool","description_kind":"plain","optional":true},"geo":{"type":["list","string"],"description_kind":"plain","optional":true},"group":{"type":["list","string"],"description_kind":"plain","optional":true},"ip":{"type":["list","string"],"description_kind":"plain","optional":true},"login_method":{"type":["list","string"],"description_kind":"plain","optional":true},"service_token":{"type":["list","string"],"description_kind":"plain","optional":true}},"block_types":{"azure":{"nesting_mode":"list","block":{"attributes":{"id":{"type":["list","string"],"description_kind":"plain","optional":true},"identity_provider_id":{"type":"string","description_kind":"plain","optional":true}},"description_kind":"plain"}},"github":{"nesting_mode":"list","block":{"attributes":{"identity_provider_id":{"type":"string","description_kind":"plain","optional":true},"name":{"type":"string","description_kind":"plain","optional":true},"teams":{"type":["list","string"],"description_kind":"plain","optional":true}},"description_kind":"plain"}},"gsuite":{"nesting_mode":"list","block":{"attributes":{"email":{"type":["list","string"],"description_kind":"plain","optional":true},"identity_provider_id":{"type":"string","description_kind":"plain","optional":true}},"description_kind":"plain"}},"okta":{"nesting_mode":"list","block":{"attributes":{"identity_provider_id":{"type":"string","description_kind":"plain","optional":true},"name":{"type":["list","string"],"description_kind":"plain","optional":true}},"description_kind":"plain"}},"saml":{"nesting_mode":"list","block":{"attributes":{"attribute_name":{"type":"string","description_kind":"plain","optional":true},"attribute_value":{"type":"string","description_kind":"plain","optional":true},"identity_provider_id":{"type":"string","description_kind":"plain","optional":true}},"description_kind":"plain"}}},"description_kind":"plain"},"min_items":1},"require":{"nesting_mode":"list","block":{"attributes":{"any_valid_service_token":{"type":"bool","description_kind":"plain","optional":true},"auth_method":{"type":"string","description_kind":"plain","optional":true},"certificate":{"type":"bool","description_kind":"plain","optional":true},"common_name":{"type":"string","description_kind":"plain","optional":true},"device_posture":{"type":["list","string"],"description_kind":"plain","optional":true},"email":{"type":["list","string"],"description_kind":"plain","optional":true},"email_domain":{"type":["list","string"],"description_kind":"plain","optional":true},"everyone":{"type":"bool","description_kind":"plain","optional":true},"geo":{"type":["list","string"],"description_kind":"plain","optional":true},"group":{"type":["list","string"],"description_kind":"plain","optional":true},"ip":{"type":["list","string"],"description_kind":"plain","optional":true},"login_method":{"type":["list","string"],"description_kind":"plain","optional":true},"service_token":{"type":["list","string"],"description_kind":"plain","optional":true}},"block_types":{"azure":{"nesting_mode":"list","block":{"attributes":{"id":{"type":["list","string"],"description_kind":"plain","optional":true},"identity_provider_id":{"type":"string","description_kind":"plain","optional":true}},"description_kind":"plain"}},"github":{"nesting_mode":"list","block":{"attributes":{"identity_provider_id":{"type":"string","description_kind":"plain","optional":true},"name":{"type":"string","description_kind":"plain","optional":true},"teams":{"type":["list","string"],"description_kind":"plain","optional":true}},"description_kind":"plain"}},"gsuite":{"nesting_mode":"list","block":{"attributes":{"email":{"type":["list","string"],"description_kind":"plain","optional":true},"identity_provider_id":{"type":"string","description_kind":"plain","optional":true}},"description_kind":"plain"}},"okta":{"nesting_mode":"list","block":{"attributes":{"identity_provider_id":{"type":"string","description_kind":"plain","optional":true},"name":{"type":["list","string"],"description_kind":"plain","optional":true}},"description_kind":"plain"}},"saml":{"nesting_mode":"list","block":{"attributes":{"attribute_name":{"type":"string","description_kind":"plain","optional":true},"attribute_value":{"type":"string","description_kind":"plain","optional":true},"identity_provider_id":{"type":"string","description_kind":"plain","optional":true}},"description_kind":"plain"}}},"description_kind":"plain"}}},"description_kind":"plain"}},"cloudflare_access_rule":{"version":0,"block":{"attributes":{"configuration":{"type":["map","string"],"description_kind":"plain","required":true},"id":{"type":"string","description_kind":"plain","optional":true,"computed":true},"mode":{"type":"string","description_kind":"plain","required":true},"notes":{"type":"string","description_kind":"plain","optional":true},"zone_id":{"type":"string","description_kind":"plain","optional":true,"computed":true}},"description_kind":"plain"}},"cloudflare_access_service_token":{"version":0,"block":{"attributes":{"account_id":{"type":"string","description_kind":"plain","optional":true},"client_id":{"type":"string","description_kind":"plain","computed":true},"client_secret":{"type":"string","description_kind":"plain","computed":true,"sensitive":true},"expires_at":{"type":"string","description_kind":"plain","computed":true},"id":{"type":"string","description_kind":"plain","optional":true,"computed":true},"min_days_for_renewal":{"type":"number","description_kind":"plain","optional":true},"name":{"type":"string","description_kind":"plain","required":true},"zone_id":{"type":"string","description_kind":"plain","optional":true}},"description_kind":"plain"}},"cloudflare_account_member":{"version":0,"block":{"attributes":{"email_address":{"type":"string","description_kind":"plain","required":true},"id":{"type":"string","description_kind":"plain","optional":true,"computed":true},"role_ids":{"type":["set","string"],"description_kind":"plain","required":true}},"description_kind":"plain"}},"cloudflare_api_token":{"version":0,"block":{"attributes":{"id":{"type":"string","description_kind":"plain","optional":true,"computed":true},"issued_on":{"type":"string","description_kind":"plain","computed":true},"modified_on":{"type":"string","description_kind":"plain","computed":true},"name":{"type":"string","description_kind":"plain","required":true},"status":{"type":"string","description_kind":"plain","computed":true},"value":{"type":"string","description_kind":"plain","computed":true,"sensitive":true}},"block_types":{"condition":{"nesting_mode":"list","block":{"block_types":{"request_ip":{"nesting_mode":"list","block":{"attributes":{"in":{"type":["list","string"],"description_kind":"plain","optional":true},"not_in":{"type":["list","string"],"description_kind":"plain","optional":true}},"description_kind":"plain"},"max_items":1}},"description_kind":"plain"},"max_items":1},"policy":{"nesting_mode":"set","block":{"attributes":{"effect":{"type":"string","description_kind":"plain","optional":true},"permission_groups":{"type":["list","string"],"description_kind":"plain","required":true},"resources":{"type":["map","string"],"description_kind":"plain","required":true}},"description_kind":"plain"},"min_items":1}},"description_kind":"plain"}},"cloudflare_argo":{"version":0,"block":{"attributes":{"id":{"type":"string","description_kind":"plain","optional":true,"computed":true},"smart_routing":{"type":"string","description_kind":"plain","optional":true},"tiered_caching":{"type":"string","description_kind":"plain","optional":true},"zone_id":{"type":"string","description_kind":"plain","required":true}},"description_kind":"plain"}},"cloudflare_argo_tunnel":{"version":0,"block":{"attributes":{"account_id":{"type":"string","description_kind":"plain","required":true},"id":{"type":"string","description_kind":"plain","optional":true,"computed":true},"name":{"type":"string","description_kind":"plain","required":true},"secret":{"type":"string","description_kind":"plain","required":true,"sensitive":true}},"description_kind":"plain"}},"cloudflare_authenticated_origin_pulls":{"version":0,"block":{"attributes":{"authenticated_origin_pulls_certificate":{"type":"string","description_kind":"plain","optional":true},"enabled":{"type":"bool","description_kind":"plain","required":true},"hostname":{"type":"string","description_kind":"plain","optional":true},"id":{"type":"string","description_kind":"plain","optional":true,"computed":true},"zone_id":{"type":"string","description_kind":"plain","required":true}},"description_kind":"plain"}},"cloudflare_authenticated_origin_pulls_certificate":{"version":0,"block":{"attributes":{"certificate":{"type":"string","description_kind":"plain","required":true},"expires_on":{"type":"string","description_kind":"plain","computed":true},"id":{"type":"string","description_kind":"plain","optional":true,"computed":true},"issuer":{"type":"string","description_kind":"plain","computed":true},"private_key":{"type":"string","description_kind":"plain","required":true,"sensitive":true},"serial_number":{"type":"string","description_kind":"plain","computed":true},"signature":{"type":"string","description_kind":"plain","computed":true},"status":{"type":"string","description_kind":"plain","computed":true},"type":{"type":"string","description_kind":"plain","required":true},"uploaded_on":{"type":"string","description_kind":"plain","computed":true},"zone_id":{"type":"string","description_kind":"plain","required":true}},"block_types":{"timeouts":{"nesting_mode":"single","block":{"attributes":{"create":{"type":"string","description_kind":"plain","optional":true}},"description_kind":"plain"}}},"description_kind":"plain"}},"cloudflare_byo_ip_prefix":{"version":0,"block":{"attributes":{"advertisement":{"type":"string","description_kind":"plain","optional":true,"computed":true},"description":{"type":"string","description_kind":"plain","optional":true,"computed":true},"id":{"type":"string","description_kind":"plain","optional":true,"computed":true},"prefix_id":{"type":"string","description_kind":"plain","required":true}},"description_kind":"plain"}},"cloudflare_certificate_pack":{"version":0,"block":{"attributes":{"certificate_authority":{"type":"string","description_kind":"plain","optional":true},"cloudflare_branding":{"type":"bool","description_kind":"plain","optional":true},"hosts":{"type":["set","string"],"description_kind":"plain","required":true},"id":{"type":"string","description_kind":"plain","optional":true,"computed":true},"type":{"type":"string","description_kind":"plain","required":true},"validation_method":{"type":"string","description_kind":"plain","optional":true},"validity_days":{"type":"number","description_kind":"plain","optional":true},"zone_id":{"type":"string","description_kind":"plain","required":true}},"description_kind":"plain"}},"cloudflare_custom_hostname":{"version":0,"block":{"attributes":{"custom_origin_server":{"type":"string","description_kind":"plain","optional":true},"hostname":{"type":"string","description_kind":"plain","required":true},"id":{"type":"string","description_kind":"plain","optional":true,"computed":true},"ownership_verification":{"type":["map","string"],"description_kind":"plain","computed":true},"ownership_verification_http":{"type":["map","string"],"description_kind":"plain","computed":true},"status":{"type":"string","description_kind":"plain","computed":true},"zone_id":{"type":"string","description_kind":"plain","required":true}},"block_types":{"ssl":{"nesting_mode":"list","block":{"attributes":{"certificate_authority":{"type":"string","description_kind":"plain","optional":true},"cname_name":{"type":"string","description_kind":"plain","optional":true},"cname_target":{"type":"string","description_kind":"plain","optional":true},"custom_certificate":{"type":"string","description_kind":"plain","optional":true},"custom_key":{"type":"string","description_kind":"plain","optional":true},"method":{"type":"string","description_kind":"plain","optional":true},"status":{"type":"string","description_kind":"plain","optional":true},"type":{"type":"string","description_kind":"plain","optional":true},"wildcard":{"type":"bool","description_kind":"plain","optional":true}},"block_types":{"settings":{"nesting_mode":"list","block":{"attributes":{"ciphers":{"type":["list","string"],"description_kind":"plain","optional":true},"http2":{"type":"string","description_kind":"plain","optional":true},"min_tls_version":{"type":"string","description_kind":"plain","optional":true},"tls13":{"type":"string","description_kind":"plain","optional":true}},"description_kind":"plain"}}},"description_kind":"plain"}}},"description_kind":"plain"}},"cloudflare_custom_hostname_fallback_origin":{"version":0,"block":{"attributes":{"id":{"type":"string","description_kind":"plain","optional":true,"computed":true},"origin":{"type":"string","description_kind":"plain","required":true},"status":{"type":"string","description_kind":"plain","computed":true},"zone_id":{"type":"string","description_kind":"plain","required":true}},"description_kind":"plain"}},"cloudflare_custom_pages":{"version":0,"block":{"attributes":{"account_id":{"type":"string","description_kind":"plain","optional":true},"id":{"type":"string","description_kind":"plain","optional":true,"computed":true},"state":{"type":"string","description_kind":"plain","optional":true},"type":{"type":"string","description_kind":"plain","required":true},"url":{"type":"string","description_kind":"plain","required":true},"zone_id":{"type":"string","description_kind":"plain","optional":true}},"description_kind":"plain"}},"cloudflare_custom_ssl":{"version":0,"block":{"attributes":{"custom_ssl_options":{"type":["map","string"],"description_kind":"plain","optional":true},"expires_on":{"type":"string","description_kind":"plain","computed":true},"hosts":{"type":["list","string"],"description_kind":"plain","computed":true},"id":{"type":"string","description_kind":"plain","optional":true,"computed":true},"issuer":{"type":"string","description_kind":"plain","computed":true},"modified_on":{"type":"string","description_kind":"plain","computed":true},"priority":{"type":"number","description_kind":"plain","computed":true},"signature":{"type":"string","description_kind":"plain","computed":true},"status":{"type":"string","description_kind":"plain","computed":true},"uploaded_on":{"type":"string","description_kind":"plain","computed":true},"zone_id":{"type":"string","description_kind":"plain","required":true}},"block_types":{"custom_ssl_priority":{"nesting_mode":"list","block":{"attributes":{"id":{"type":"string","description_kind":"plain","optional":true},"priority":{"type":"number","description_kind":"plain","optional":true}},"description_kind":"plain"}}},"description_kind":"plain"}},"cloudflare_device_posture_rule":{"version":0,"block":{"attributes":{"account_id":{"type":"string","description_kind":"plain","required":true},"description":{"type":"string","description_kind":"plain","optional":true},"id":{"type":"string","description_kind":"plain","optional":true,"computed":true},"name":{"type":"string","description_kind":"plain","optional":true},"schedule":{"type":"string","description_kind":"plain","optional":true},"type":{"type":"string","description_kind":"plain","required":true}},"block_types":{"input":{"nesting_mode":"list","block":{"attributes":{"exists":{"type":"bool","description_kind":"plain","optional":true},"id":{"type":"string","description_kind":"plain","optional":true},"path":{"type":"string","description_kind":"plain","optional":true},"running":{"type":"bool","description_kind":"plain","optional":true},"sha256":{"type":"string","description_kind":"plain","optional":true},"thumbprint":{"type":"string","description_kind":"plain","optional":true}},"description_kind":"plain"},"min_items":1},"match":{"nesting_mode":"list","block":{"attributes":{"platform":{"type":"string","description_kind":"plain","optional":true}},"description_kind":"plain"}}},"description_kind":"plain"}},"cloudflare_filter":{"version":0,"block":{"attributes":{"description":{"type":"string","description_kind":"plain","optional":true},"expression":{"type":"string","description_kind":"plain","required":true},"id":{"type":"string","description_kind":"plain","optional":true,"computed":true},"paused":{"type":"bool","description_kind":"plain","optional":true},"ref":{"type":"string","description_kind":"plain","optional":true},"zone_id":{"type":"string","description_kind":"plain","required":true}},"description_kind":"plain"}},"cloudflare_firewall_rule":{"version":0,"block":{"attributes":{"action":{"type":"string","description_kind":"plain","required":true},"description":{"type":"string","description_kind":"plain","optional":true},"filter_id":{"type":"string","description_kind":"plain","required":true},"id":{"type":"string","description_kind":"plain","optional":true,"computed":true},"paused":{"type":"bool","description_kind":"plain","optional":true},"priority":{"type":"number","description_kind":"plain","optional":true},"products":{"type":["set","string"],"description_kind":"plain","optional":true},"zone_id":{"type":"string","description_kind":"plain","required":true}},"description_kind":"plain"}},"cloudflare_healthcheck":{"version":0,"block":{"attributes":{"address":{"type":"string","description_kind":"plain","required":true},"allow_insecure":{"type":"bool","description_kind":"plain","optional":true},"check_regions":{"type":["list","string"],"description_kind":"plain","optional":true,"computed":true},"consecutive_fails":{"type":"number","description_kind":"plain","optional":true},"consecutive_successes":{"type":"number","description_kind":"plain","optional":true},"created_on":{"type":"string","description_kind":"plain","computed":true},"description":{"type":"string","description_kind":"plain","optional":true},"expected_body":{"type":"string","description_kind":"plain","optional":true},"expected_codes":{"type":["list","string"],"description_kind":"plain","optional":true},"follow_redirects":{"type":"bool","description_kind":"plain","optional":true},"id":{"type":"string","description_kind":"plain","optional":true,"computed":true},"interval":{"type":"number","description_kind":"plain","optional":true},"method":{"type":"string","description_kind":"plain","optional":true,"computed":true},"modified_on":{"type":"string","description_kind":"plain","computed":true},"name":{"type":"string","description_kind":"plain","required":true},"notification_email_addresses":{"type":["list","string"],"description_kind":"plain","optional":true},"notification_suspended":{"type":"bool","description_kind":"plain","optional":true},"path":{"type":"string","description_kind":"plain","optional":true},"port":{"type":"number","description_kind":"plain","optional":true},"retries":{"type":"number","description_kind":"plain","optional":true},"suspended":{"type":"bool","description_kind":"plain","optional":true},"timeout":{"type":"number","description_kind":"plain","optional":true},"type":{"type":"string","description_kind":"plain","required":true},"zone_id":{"type":"string","description_kind":"plain","required":true}},"block_types":{"header":{"nesting_mode":"set","block":{"attributes":{"header":{"type":"string","description_kind":"plain","required":true},"values":{"type":["set","string"],"description_kind":"plain","required":true}},"description_kind":"plain"}},"timeouts":{"nesting_mode":"single","block":{"attributes":{"create":{"type":"string","description_kind":"plain","optional":true}},"description_kind":"plain"}}},"description_kind":"plain"}},"cloudflare_ip_list":{"version":0,"block":{"attributes":{"account_id":{"type":"string","description_kind":"plain","required":true},"description":{"type":"string","description_kind":"plain","optional":true},"id":{"type":"string","description_kind":"plain","optional":true,"computed":true},"kind":{"type":"string","description_kind":"plain","required":true},"name":{"type":"string","description_kind":"plain","required":true}},"block_types":{"item":{"nesting_mode":"set","block":{"attributes":{"comment":{"type":"string","description_kind":"plain","optional":true},"value":{"type":"string","description_kind":"plain","required":true}},"description_kind":"plain"}}},"description_kind":"plain"}},"cloudflare_load_balancer":{"version":0,"block":{"attributes":{"created_on":{"type":"string","description_kind":"plain","computed":true},"default_pool_ids":{"type":["list","string"],"description_kind":"plain","required":true},"description":{"type":"string","description_kind":"plain","optional":true},"enabled":{"type":"bool","description_kind":"plain","optional":true},"fallback_pool_id":{"type":"string","description_kind":"plain","required":true},"id":{"type":"string","description_kind":"plain","optional":true,"computed":true},"modified_on":{"type":"string","description_kind":"plain","computed":true},"name":{"type":"string","description_kind":"plain","required":true},"proxied":{"type":"bool","description_kind":"plain","optional":true},"session_affinity":{"type":"string","description_kind":"plain","optional":true},"session_affinity_attributes":{"type":["map","string"],"description_kind":"plain","optional":true},"session_affinity_ttl":{"type":"number","description_kind":"plain","optional":true},"steering_policy":{"type":"string","description_kind":"plain","optional":true,"computed":true},"ttl":{"type":"number","description_kind":"plain","optional":true,"computed":true},"zone_id":{"type":"string","description_kind":"plain","required":true}},"block_types":{"pop_pools":{"nesting_mode":"set","block":{"attributes":{"pool_ids":{"type":["list","string"],"description_kind":"plain","required":true},"pop":{"type":"string","description_kind":"plain","required":true}},"description_kind":"plain"}},"region_pools":{"nesting_mode":"set","block":{"attributes":{"pool_ids":{"type":["list","string"],"description_kind":"plain","required":true},"region":{"type":"string","description_kind":"plain","required":true}},"description_kind":"plain"}},"rules":{"nesting_mode":"list","block":{"attributes":{"condition":{"type":"string","description_kind":"plain","optional":true},"disabled":{"type":"bool","description_kind":"plain","optional":true},"fixed_response":{"type":["map","string"],"description_kind":"plain","optional":true},"name":{"type":"string","description_kind":"plain","required":true},"priority":{"type":"number","description_kind":"plain","optional":true,"computed":true},"terminates":{"type":"bool","description_kind":"plain","optional":true,"computed":true}},"block_types":{"overrides":{"nesting_mode":"list","block":{"attributes":{"default_pools":{"type":["list","string"],"description_kind":"plain","optional":true},"fallback_pool":{"type":"string","description_kind":"plain","optional":true},"session_affinity":{"type":"string","description_kind":"plain","optional":true},"session_affinity_attributes":{"type":["map","string"],"description_kind":"plain","optional":true},"session_affinity_ttl":{"type":"number","description_kind":"plain","optional":true},"steering_policy":{"type":"string","description_kind":"plain","optional":true},"ttl":{"type":"number","description_kind":"plain","optional":true}},"block_types":{"pop_pools":{"nesting_mode":"set","block":{"attributes":{"pool_ids":{"type":["list","string"],"description_kind":"plain","required":true},"pop":{"type":"string","description_kind":"plain","required":true}},"description_kind":"plain"}},"region_pools":{"nesting_mode":"set","block":{"attributes":{"pool_ids":{"type":["list","string"],"description_kind":"plain","required":true},"region":{"type":"string","description_kind":"plain","required":true}},"description_kind":"plain"}}},"description_kind":"plain"}}},"description_kind":"plain"}}},"description_kind":"plain"}},"cloudflare_load_balancer_monitor":{"version":0,"block":{"attributes":{"allow_insecure":{"type":"bool","description_kind":"plain","optional":true},"created_on":{"type":"string","description_kind":"plain","computed":true},"description":{"type":"string","description_kind":"plain","optional":true},"expected_body":{"type":"string","description_kind":"plain","optional":true},"expected_codes":{"type":"string","description_kind":"plain","optional":true},"follow_redirects":{"type":"bool","description_kind":"plain","optional":true},"id":{"type":"string","description_kind":"plain","optional":true,"computed":true},"interval":{"type":"number","description_kind":"plain","optional":true},"method":{"type":"string","description_kind":"plain","optional":true,"computed":true},"modified_on":{"type":"string","description_kind":"plain","computed":true},"path":{"type":"string","description_kind":"plain","optional":true,"computed":true},"port":{"type":"number","description_kind":"plain","optional":true},"probe_zone":{"type":"string","description_kind":"plain","optional":true},"retries":{"type":"number","description_kind":"plain","optional":true},"timeout":{"type":"number","description_kind":"plain","optional":true},"type":{"type":"string","description_kind":"plain","optional":true}},"block_types":{"header":{"nesting_mode":"set","block":{"attributes":{"header":{"type":"string","description_kind":"plain","required":true},"values":{"type":["set","string"],"description_kind":"plain","required":true}},"description_kind":"plain"}}},"description_kind":"plain"}},"cloudflare_load_balancer_pool":{"version":0,"block":{"attributes":{"check_regions":{"type":["set","string"],"description_kind":"plain","optional":true,"computed":true},"created_on":{"type":"string","description_kind":"plain","computed":true},"description":{"type":"string","description_kind":"plain","optional":true},"enabled":{"type":"bool","description_kind":"plain","optional":true},"id":{"type":"string","description_kind":"plain","optional":true,"computed":true},"latitude":{"type":"number","description_kind":"plain","optional":true},"longitude":{"type":"number","description_kind":"plain","optional":true},"minimum_origins":{"type":"number","description_kind":"plain","optional":true},"modified_on":{"type":"string","description_kind":"plain","computed":true},"monitor":{"type":"string","description_kind":"plain","optional":true},"name":{"type":"string","description_kind":"plain","required":true},"notification_email":{"type":"string","description_kind":"plain","optional":true}},"block_types":{"load_shedding":{"nesting_mode":"set","block":{"attributes":{"default_percent":{"type":"number","description_kind":"plain","optional":true},"default_policy":{"type":"string","description_kind":"plain","optional":true},"session_percent":{"type":"number","description_kind":"plain","optional":true},"session_policy":{"type":"string","description_kind":"plain","optional":true}},"description_kind":"plain"}},"origins":{"nesting_mode":"set","block":{"attributes":{"address":{"type":"string","description_kind":"plain","required":true},"enabled":{"type":"bool","description_kind":"plain","optional":true},"name":{"type":"string","description_kind":"plain","required":true},"weight":{"type":"number","description_kind":"plain","optional":true}},"block_types":{"header":{"nesting_mode":"set","block":{"attributes":{"header":{"type":"string","description_kind":"plain","required":true},"values":{"type":["set","string"],"description_kind":"plain","required":true}},"description_kind":"plain"}}},"description_kind":"plain"},"min_items":1}},"description_kind":"plain"}},"cloudflare_logpull_retention":{"version":0,"block":{"attributes":{"enabled":{"type":"bool","description_kind":"plain","required":true},"id":{"type":"string","description_kind":"plain","optional":true,"computed":true},"zone_id":{"type":"string","description_kind":"plain","required":true}},"description_kind":"plain"}},"cloudflare_logpush_job":{"version":0,"block":{"attributes":{"dataset":{"type":"string","description_kind":"plain","required":true},"destination_conf":{"type":"string","description_kind":"plain","required":true},"enabled":{"type":"bool","description_kind":"plain","optional":true},"id":{"type":"string","description_kind":"plain","optional":true,"computed":true},"logpull_options":{"type":"string","description_kind":"plain","optional":true},"name":{"type":"string","description_kind":"plain","optional":true},"ownership_challenge":{"type":"string","description_kind":"plain","optional":true},"zone_id":{"type":"string","description_kind":"plain","required":true}},"description_kind":"plain"}},"cloudflare_logpush_ownership_challenge":{"version":0,"block":{"attributes":{"destination_conf":{"type":"string","description_kind":"plain","required":true},"id":{"type":"string","description_kind":"plain","optional":true,"computed":true},"ownership_challenge_filename":{"type":"string","description_kind":"plain","computed":true},"zone_id":{"type":"string","description_kind":"plain","required":true}},"description_kind":"plain"}},"cloudflare_magic_firewall_ruleset":{"version":0,"block":{"attributes":{"account_id":{"type":"string","description_kind":"plain","required":true},"description":{"type":"string","description_kind":"plain","optional":true},"id":{"type":"string","description_kind":"plain","optional":true,"computed":true},"name":{"type":"string","description_kind":"plain","required":true},"rules":{"type":["list",["map","string"]],"description_kind":"plain","optional":true}},"description_kind":"plain"}},"cloudflare_origin_ca_certificate":{"version":0,"block":{"attributes":{"certificate":{"type":"string","description_kind":"plain","computed":true},"csr":{"type":"string","description_kind":"plain","optional":true},"expires_on":{"type":"string","description_kind":"plain","computed":true},"hostnames":{"type":["set","string"],"description_kind":"plain","required":true},"id":{"type":"string","description_kind":"plain","optional":true,"computed":true},"request_type":{"type":"string","description_kind":"plain","required":true},"requested_validity":{"type":"number","description_kind":"plain","optional":true}},"description_kind":"plain"}},"cloudflare_page_rule":{"version":0,"block":{"attributes":{"id":{"type":"string","description_kind":"plain","optional":true,"computed":true},"priority":{"type":"number","description_kind":"plain","optional":true},"status":{"type":"string","description_kind":"plain","optional":true},"target":{"type":"string","description_kind":"plain","required":true},"zone_id":{"type":"string","description_kind":"plain","required":true}},"block_types":{"actions":{"nesting_mode":"list","block":{"attributes":{"always_online":{"type":"string","description_kind":"plain","optional":true},"always_use_https":{"type":"bool","description_kind":"plain","optional":true},"automatic_https_rewrites":{"type":"string","description_kind":"plain","optional":true},"browser_cache_ttl":{"type":"string","description_kind":"plain","optional":true},"browser_check":{"type":"string","description_kind":"plain","optional":true},"bypass_cache_on_cookie":{"type":"string","description_kind":"plain","optional":true},"cache_by_device_type":{"type":"string","description_kind":"plain","optional":true},"cache_deception_armor":{"type":"string","description_kind":"plain","optional":true},"cache_level":{"type":"string","description_kind":"plain","optional":true},"cache_on_cookie":{"type":"string","description_kind":"plain","optional":true},"disable_apps":{"type":"bool","description_kind":"plain","optional":true},"disable_performance":{"type":"bool","description_kind":"plain","optional":true},"disable_railgun":{"type":"bool","description_kind":"plain","optional":true},"disable_security":{"type":"bool","description_kind":"plain","optional":true},"edge_cache_ttl":{"type":"number","description_kind":"plain","optional":true},"email_obfuscation":{"type":"string","description_kind":"plain","optional":true},"explicit_cache_control":{"type":"string","description_kind":"plain","optional":true},"host_header_override":{"type":"string","description_kind":"plain","optional":true},"ip_geolocation":{"type":"string","description_kind":"plain","optional":true},"mirage":{"type":"string","description_kind":"plain","optional":true},"opportunistic_encryption":{"type":"string","description_kind":"plain","optional":true},"origin_error_page_pass_thru":{"type":"string","description_kind":"plain","optional":true},"polish":{"type":"string","description_kind":"plain","optional":true},"resolve_override":{"type":"string","description_kind":"plain","optional":true},"respect_strong_etag":{"type":"string","description_kind":"plain","optional":true},"response_buffering":{"type":"string","description_kind":"plain","optional":true},"rocket_loader":{"type":"string","description_kind":"plain","optional":true},"security_level":{"type":"string","description_kind":"plain","optional":true},"server_side_exclude":{"type":"string","description_kind":"plain","optional":true},"sort_query_string_for_cache":{"type":"string","description_kind":"plain","optional":true},"ssl":{"type":"string","description_kind":"plain","optional":true},"true_client_ip_header":{"type":"string","description_kind":"plain","optional":true},"waf":{"type":"string","description_kind":"plain","optional":true}},"block_types":{"cache_key_fields":{"nesting_mode":"list","block":{"block_types":{"cookie":{"nesting_mode":"list","block":{"attributes":{"check_presence":{"type":["set","string"],"description_kind":"plain","optional":true,"computed":true},"include":{"type":["set","string"],"description_kind":"plain","optional":true,"computed":true}},"description_kind":"plain"},"min_items":1,"max_items":1},"header":{"nesting_mode":"list","block":{"attributes":{"check_presence":{"type":["set","string"],"description_kind":"plain","optional":true,"computed":true},"exclude":{"type":["set","string"],"description_kind":"plain","optional":true,"computed":true},"include":{"type":["set","string"],"description_kind":"plain","optional":true,"computed":true}},"description_kind":"plain"},"min_items":1,"max_items":1},"host":{"nesting_mode":"list","block":{"attributes":{"resolved":{"type":"bool","description_kind":"plain","optional":true}},"description_kind":"plain"},"min_items":1,"max_items":1},"query_string":{"nesting_mode":"list","block":{"attributes":{"exclude":{"type":["set","string"],"description_kind":"plain","optional":true,"computed":true},"ignore":{"type":"bool","description_kind":"plain","optional":true,"computed":true},"include":{"type":["set","string"],"description_kind":"plain","optional":true,"computed":true}},"description_kind":"plain"},"min_items":1,"max_items":1},"user":{"nesting_mode":"list","block":{"attributes":{"device_type":{"type":"bool","description_kind":"plain","optional":true,"computed":true},"geo":{"type":"bool","description_kind":"plain","optional":true,"computed":true},"lang":{"type":"bool","description_kind":"plain","optional":true,"computed":true}},"description_kind":"plain"},"min_items":1,"max_items":1}},"description_kind":"plain"},"max_items":1},"cache_ttl_by_status":{"nesting_mode":"set","block":{"attributes":{"codes":{"type":"string","description_kind":"plain","required":true},"ttl":{"type":"number","description_kind":"plain","required":true}},"description_kind":"plain"}},"forwarding_url":{"nesting_mode":"list","block":{"attributes":{"status_code":{"type":"number","description_kind":"plain","required":true},"url":{"type":"string","description_kind":"plain","required":true}},"description_kind":"plain"},"max_items":1},"minify":{"nesting_mode":"list","block":{"attributes":{"css":{"type":"string","description_kind":"plain","required":true},"html":{"type":"string","description_kind":"plain","required":true},"js":{"type":"string","description_kind":"plain","required":true}},"description_kind":"plain"}}},"description_kind":"plain"},"min_items":1,"max_items":1}},"description_kind":"plain"}},"cloudflare_rate_limit":{"version":0,"block":{"attributes":{"bypass_url_patterns":{"type":["set","string"],"description_kind":"plain","optional":true},"description":{"type":"string","description_kind":"plain","optional":true},"disabled":{"type":"bool","description_kind":"plain","optional":true},"id":{"type":"string","description_kind":"plain","optional":true,"computed":true},"period":{"type":"number","description_kind":"plain","required":true},"threshold":{"type":"number","description_kind":"plain","required":true},"zone_id":{"type":"string","description_kind":"plain","required":true}},"block_types":{"action":{"nesting_mode":"list","block":{"attributes":{"mode":{"type":"string","description_kind":"plain","required":true},"timeout":{"type":"number","description_kind":"plain","optional":true}},"block_types":{"response":{"nesting_mode":"list","block":{"attributes":{"body":{"type":"string","description_kind":"plain","required":true},"content_type":{"type":"string","description_kind":"plain","required":true}},"description_kind":"plain"},"max_items":1}},"description_kind":"plain"},"min_items":1,"max_items":1},"correlate":{"nesting_mode":"list","block":{"attributes":{"by":{"type":"string","description_kind":"plain","optional":true}},"description_kind":"plain"},"max_items":1},"match":{"nesting_mode":"list","block":{"block_types":{"request":{"nesting_mode":"list","block":{"attributes":{"methods":{"type":["set","string"],"description_kind":"plain","optional":true,"computed":true},"schemes":{"type":["set","string"],"description_kind":"plain","optional":true,"computed":true},"url_pattern":{"type":"string","description_kind":"plain","optional":true,"computed":true}},"description_kind":"plain"},"max_items":1},"response":{"nesting_mode":"list","block":{"attributes":{"headers":{"type":["list",["map","string"]],"description_kind":"plain","optional":true},"origin_traffic":{"type":"bool","description_kind":"plain","optional":true,"computed":true},"statuses":{"type":["set","number"],"description_kind":"plain","optional":true,"computed":true}},"description_kind":"plain"},"max_items":1}},"description_kind":"plain"},"max_items":1}},"description_kind":"plain"}},"cloudflare_record":{"version":1,"block":{"attributes":{"allow_overwrite":{"type":"bool","description_kind":"plain","optional":true},"created_on":{"type":"string","description_kind":"plain","computed":true},"data":{"type":["map","string"],"description_kind":"plain","optional":true},"hostname":{"type":"string","description_kind":"plain","computed":true},"id":{"type":"string","description_kind":"plain","optional":true,"computed":true},"metadata":{"type":["map","string"],"description_kind":"plain","computed":true},"modified_on":{"type":"string","description_kind":"plain","computed":true},"name":{"type":"string","description_kind":"plain","required":true},"priority":{"type":"number","description_kind":"plain","optional":true},"proxiable":{"type":"bool","description_kind":"plain","computed":true},"proxied":{"type":"bool","description_kind":"plain","optional":true},"ttl":{"type":"number","description_kind":"plain","optional":true,"computed":true},"type":{"type":"string","description_kind":"plain","required":true},"value":{"type":"string","description_kind":"plain","optional":true,"computed":true},"zone_id":{"type":"string","description_kind":"plain","required":true}},"block_types":{"timeouts":{"nesting_mode":"single","block":{"attributes":{"create":{"type":"string","description_kind":"plain","optional":true},"update":{"type":"string","description_kind":"plain","optional":true}},"description_kind":"plain"}}},"description_kind":"plain"}},"cloudflare_spectrum_application":{"version":0,"block":{"attributes":{"argo_smart_routing":{"type":"bool","description_kind":"plain","optional":true},"edge_ip_connectivity":{"type":"string","description_kind":"plain","optional":true},"edge_ips":{"type":["list","string"],"description_kind":"plain","optional":true},"id":{"type":"string","description_kind":"plain","optional":true,"computed":true},"ip_firewall":{"type":"bool","description_kind":"plain","optional":true},"origin_direct":{"type":["list","string"],"description_kind":"plain","optional":true},"origin_port":{"type":"number","description_kind":"plain","optional":true},"protocol":{"type":"string","description_kind":"plain","required":true},"proxy_protocol":{"type":"string","description_kind":"plain","optional":true},"tls":{"type":"string","description_kind":"plain","optional":true},"traffic_type":{"type":"string","description_kind":"plain","optional":true},"zone_id":{"type":"string","description_kind":"plain","required":true}},"block_types":{"dns":{"nesting_mode":"list","block":{"attributes":{"name":{"type":"string","description_kind":"plain","required":true},"type":{"type":"string","description_kind":"plain","required":true}},"description_kind":"plain"},"min_items":1,"max_items":1},"origin_dns":{"nesting_mode":"list","block":{"attributes":{"name":{"type":"string","description_kind":"plain","required":true}},"description_kind":"plain"},"max_items":1},"origin_port_range":{"nesting_mode":"list","block":{"attributes":{"end":{"type":"number","description_kind":"plain","required":true},"start":{"type":"number","description_kind":"plain","required":true}},"description_kind":"plain"},"max_items":1}},"description_kind":"plain"}},"cloudflare_static_route":{"version":0,"block":{"attributes":{"account_id":{"type":"string","description_kind":"plain","optional":true},"colo_names":{"type":["list","string"],"description_kind":"plain","optional":true},"colo_regions":{"type":["list","string"],"description_kind":"plain","optional":true},"description":{"type":"string","description_kind":"plain","optional":true},"id":{"type":"string","description_kind":"plain","optional":true,"computed":true},"nexthop":{"type":"string","description_kind":"plain","required":true},"prefix":{"type":"string","description_kind":"plain","required":true},"priority":{"type":"number","description_kind":"plain","required":true},"weight":{"type":"number","description_kind":"plain","optional":true}},"description_kind":"plain"}},"cloudflare_teams_list":{"version":0,"block":{"attributes":{"account_id":{"type":"string","description_kind":"plain","required":true},"description":{"type":"string","description_kind":"plain","optional":true},"id":{"type":"string","description_kind":"plain","optional":true,"computed":true},"items":{"type":["list","string"],"description_kind":"plain","optional":true},"name":{"type":"string","description_kind":"plain","required":true},"type":{"type":"string","description_kind":"plain","required":true}},"description_kind":"plain"}},"cloudflare_waf_group":{"version":0,"block":{"attributes":{"group_id":{"type":"string","description_kind":"plain","required":true},"id":{"type":"string","description_kind":"plain","optional":true,"computed":true},"mode":{"type":"string","description_kind":"plain","optional":true},"package_id":{"type":"string","description_kind":"plain","optional":true,"computed":true},"zone_id":{"type":"string","description_kind":"plain","required":true}},"description_kind":"plain"}},"cloudflare_waf_override":{"version":0,"block":{"attributes":{"description":{"type":"string","description_kind":"plain","optional":true},"groups":{"type":["map","string"],"description_kind":"plain","optional":true},"id":{"type":"string","description_kind":"plain","optional":true,"computed":true},"override_id":{"type":"string","description_kind":"plain","computed":true},"paused":{"type":"bool","description_kind":"plain","optional":true},"priority":{"type":"number","description_kind":"plain","optional":true},"rewrite_action":{"type":["map","string"],"description_kind":"plain","optional":true},"rules":{"type":["map","string"],"description_kind":"plain","optional":true},"urls":{"type":["list","string"],"description_kind":"plain","required":true},"zone_id":{"type":"string","description_kind":"plain","required":true}},"description_kind":"plain"}},"cloudflare_waf_package":{"version":0,"block":{"attributes":{"action_mode":{"type":"string","description_kind":"plain","optional":true},"id":{"type":"string","description_kind":"plain","optional":true,"computed":true},"package_id":{"type":"string","description_kind":"plain","required":true},"sensitivity":{"type":"string","description_kind":"plain","optional":true},"zone_id":{"type":"string","description_kind":"plain","required":true}},"description_kind":"plain"}},"cloudflare_waf_rule":{"version":0,"block":{"attributes":{"group_id":{"type":"string","description_kind":"plain","computed":true},"id":{"type":"string","description_kind":"plain","optional":true,"computed":true},"mode":{"type":"string","description_kind":"plain","required":true},"package_id":{"type":"string","description_kind":"plain","optional":true,"computed":true},"rule_id":{"type":"string","description_kind":"plain","required":true},"zone_id":{"type":"string","description_kind":"plain","required":true}},"description_kind":"plain"}},"cloudflare_waiting_room":{"version":0,"block":{"attributes":{"custom_page_html":{"type":"string","description_kind":"plain","optional":true},"description":{"type":"string","description_kind":"plain","optional":true},"disable_session_renewal":{"type":"bool","description_kind":"plain","optional":true},"host":{"type":"string","description_kind":"plain","required":true},"id":{"type":"string","description_kind":"plain","optional":true,"computed":true},"name":{"type":"string","description_kind":"plain","required":true},"new_users_per_minute":{"type":"number","description_kind":"plain","required":true},"path":{"type":"string","description_kind":"plain","optional":true},"queue_all":{"type":"bool","description_kind":"plain","optional":true},"session_duration":{"type":"number","description_kind":"plain","optional":true},"suspended":{"type":"bool","description_kind":"plain","optional":true},"total_active_users":{"type":"number","description_kind":"plain","required":true},"zone_id":{"type":"string","description_kind":"plain","required":true}},"block_types":{"timeouts":{"nesting_mode":"single","block":{"attributes":{"create":{"type":"string","description_kind":"plain","optional":true},"update":{"type":"string","description_kind":"plain","optional":true}},"description_kind":"plain"}}},"description_kind":"plain"}},"cloudflare_worker_cron_trigger":{"version":0,"block":{"attributes":{"id":{"type":"string","description_kind":"plain","optional":true,"computed":true},"schedules":{"type":["set","string"],"description_kind":"plain","required":true},"script_name":{"type":"string","description_kind":"plain","required":true}},"description_kind":"plain"}},"cloudflare_worker_route":{"version":0,"block":{"attributes":{"id":{"type":"string","description_kind":"plain","optional":true,"computed":true},"pattern":{"type":"string","description_kind":"plain","required":true},"script_name":{"type":"string","description_kind":"plain","optional":true},"zone_id":{"type":"string","description_kind":"plain","required":true}},"description_kind":"plain"}},"cloudflare_worker_script":{"version":0,"block":{"attributes":{"content":{"type":"string","description_kind":"plain","required":true},"id":{"type":"string","description_kind":"plain","optional":true,"computed":true},"name":{"type":"string","description_kind":"plain","required":true}},"block_types":{"kv_namespace_binding":{"nesting_mode":"set","block":{"attributes":{"name":{"type":"string","description_kind":"plain","required":true},"namespace_id":{"type":"string","description_kind":"plain","required":true}},"description_kind":"plain"}},"plain_text_binding":{"nesting_mode":"set","block":{"attributes":{"name":{"type":"string","description_kind":"plain","required":true},"text":{"type":"string","description_kind":"plain","required":true}},"description_kind":"plain"}},"secret_text_binding":{"nesting_mode":"set","block":{"attributes":{"name":{"type":"string","description_kind":"plain","required":true},"text":{"type":"string","description_kind":"plain","required":true,"sensitive":true}},"description_kind":"plain"}},"webassembly_binding":{"nesting_mode":"set","block":{"attributes":{"module":{"type":"string","description_kind":"plain","required":true},"name":{"type":"string","description_kind":"plain","required":true}},"description_kind":"plain"}}},"description_kind":"plain"}},"cloudflare_workers_kv":{"version":0,"block":{"attributes":{"id":{"type":"string","description_kind":"plain","optional":true,"computed":true},"key":{"type":"string","description_kind":"plain","required":true},"namespace_id":{"type":"string","description_kind":"plain","required":true},"value":{"type":"string","description_kind":"plain","required":true}},"description_kind":"plain"}},"cloudflare_workers_kv_namespace":{"version":0,"block":{"attributes":{"id":{"type":"string","description_kind":"plain","optional":true,"computed":true},"title":{"type":"string","description_kind":"plain","required":true}},"description_kind":"plain"}},"cloudflare_zone":{"version":0,"block":{"attributes":{"id":{"type":"string","description_kind":"plain","optional":true,"computed":true},"jump_start":{"type":"bool","description_kind":"plain","optional":true},"meta":{"type":["map","string"],"description_kind":"plain","computed":true},"name_servers":{"type":["list","string"],"description_kind":"plain","computed":true},"paused":{"type":"bool","description_kind":"plain","optional":true},"plan":{"type":"string","description_kind":"plain","optional":true,"computed":true},"status":{"type":"string","description_kind":"plain","computed":true},"type":{"type":"string","description_kind":"plain","optional":true},"vanity_name_servers":{"type":["list","string"],"description_kind":"plain","computed":true},"verification_key":{"type":"string","description_kind":"plain","computed":true},"zone":{"type":"string","description_kind":"plain","required":true}},"description_kind":"plain"}},"cloudflare_zone_dnssec":{"version":0,"block":{"attributes":{"algorithm":{"type":"string","description_kind":"plain","computed":true},"digest":{"type":"string","description_kind":"plain","computed":true},"digest_algorithm":{"type":"string","description_kind":"plain","computed":true},"digest_type":{"type":"string","description_kind":"plain","computed":true},"ds":{"type":"string","description_kind":"plain","computed":true},"flags":{"type":"number","description_kind":"plain","computed":true},"id":{"type":"string","description_kind":"plain","optional":true,"computed":true},"key_tag":{"type":"number","description_kind":"plain","computed":true},"key_type":{"type":"string","description_kind":"plain","computed":true},"modified_on":{"type":"string","description_kind":"plain","optional":true,"computed":true},"public_key":{"type":"string","description_kind":"plain","computed":true},"status":{"type":"string","description_kind":"plain","computed":true},"zone_id":{"type":"string","description_kind":"plain","required":true}},"description_kind":"plain"}},"cloudflare_zone_lockdown":{"version":0,"block":{"attributes":{"description":{"type":"string","description_kind":"plain","optional":true},"id":{"type":"string","description_kind":"plain","optional":true,"computed":true},"paused":{"type":"bool","description_kind":"plain","optional":true},"priority":{"type":"number","description_kind":"plain","optional":true},"urls":{"type":["set","string"],"description_kind":"plain","required":true},"zone_id":{"type":"string","description_kind":"plain","required":true}},"block_types":{"configurations":{"nesting_mode":"set","block":{"attributes":{"target":{"type":"string","description_kind":"plain","required":true},"value":{"type":"string","description_kind":"plain","required":true}},"description_kind":"plain"},"min_items":1}},"description_kind":"plain"}},"cloudflare_zone_settings_override":{"version":0,"block":{"attributes":{"id":{"type":"string","description_kind":"plain","optional":true,"computed":true},"initial_settings":{"type":["list",["object",{"always_online":"string","always_use_https":"string","automatic_https_rewrites":"string","brotli":"string","browser_cache_ttl":"number","browser_check":"string","cache_level":"string","challenge_ttl":"number","cname_flattening":"string","development_mode":"string","email_obfuscation":"string","h2_prioritization":"string","hotlink_protection":"string","http2":"string","http3":"string","image_resizing":"string","ip_geolocation":"string","ipv6":"string","max_upload":"number","min_tls_version":"string","minify":["list",["object",{"css":"string","html":"string","js":"string"}]],"mirage":"string","mobile_redirect":["list",["object",{"mobile_subdomain":"string","status":"string","strip_uri":"bool"}]],"opportunistic_encryption":"string","opportunistic_onion":"string","origin_error_page_pass_thru":"string","polish":"string","prefetch_preload":"string","privacy_pass":"string","pseudo_ipv4":"string","response_buffering":"string","rocket_loader":"string","security_header":["list",["object",{"enabled":"bool","include_subdomains":"bool","max_age":"number","nosniff":"bool","preload":"bool"}]],"security_level":"string","server_side_exclude":"string","sort_query_string_for_cache":"string","ssl":"string","tls_1_2_only":"string","tls_1_3":"string","tls_client_auth":"string","true_client_ip_header":"string","universal_ssl":"string","waf":"string","webp":"string","websockets":"string","zero_rtt":"string"}]],"description_kind":"plain","computed":true},"initial_settings_read_at":{"type":"string","description_kind":"plain","computed":true},"readonly_settings":{"type":["list","string"],"description_kind":"plain","computed":true},"zone_id":{"type":"string","description_kind":"plain","required":true},"zone_status":{"type":"string","description_kind":"plain","computed":true},"zone_type":{"type":"string","description_kind":"plain","computed":true}},"block_types":{"settings":{"nesting_mode":"list","block":{"attributes":{"always_online":{"type":"string","description_kind":"plain","optional":true,"computed":true},"always_use_https":{"type":"string","description_kind":"plain","optional":true,"computed":true},"automatic_https_rewrites":{"type":"string","description_kind":"plain","optional":true,"computed":true},"brotli":{"type":"string","description_kind":"plain","optional":true,"computed":true},"browser_cache_ttl":{"type":"number","description_kind":"plain","optional":true,"computed":true},"browser_check":{"type":"string","description_kind":"plain","optional":true,"computed":true},"cache_level":{"type":"string","description_kind":"plain","optional":true,"computed":true},"challenge_ttl":{"type":"number","description_kind":"plain","optional":true,"computed":true},"cname_flattening":{"type":"string","description_kind":"plain","optional":true,"computed":true},"development_mode":{"type":"string","description_kind":"plain","optional":true,"computed":true},"email_obfuscation":{"type":"string","description_kind":"plain","optional":true,"computed":true},"h2_prioritization":{"type":"string","description_kind":"plain","optional":true,"computed":true},"hotlink_protection":{"type":"string","description_kind":"plain","optional":true,"computed":true},"http2":{"type":"string","description_kind":"plain","optional":true,"computed":true},"http3":{"type":"string","description_kind":"plain","optional":true,"computed":true},"image_resizing":{"type":"string","description_kind":"plain","optional":true,"computed":true},"ip_geolocation":{"type":"string","description_kind":"plain","optional":true,"computed":true},"ipv6":{"type":"string","description_kind":"plain","optional":true,"computed":true},"max_upload":{"type":"number","description_kind":"plain","optional":true,"computed":true},"min_tls_version":{"type":"string","description_kind":"plain","optional":true,"computed":true},"mirage":{"type":"string","description_kind":"plain","optional":true,"computed":true},"opportunistic_encryption":{"type":"string","description_kind":"plain","optional":true,"computed":true},"opportunistic_onion":{"type":"string","description_kind":"plain","optional":true,"computed":true},"origin_error_page_pass_thru":{"type":"string","description_kind":"plain","optional":true,"computed":true},"polish":{"type":"string","description_kind":"plain","optional":true,"computed":true},"prefetch_preload":{"type":"string","description_kind":"plain","optional":true,"computed":true},"privacy_pass":{"type":"string","description_kind":"plain","optional":true,"computed":true},"pseudo_ipv4":{"type":"string","description_kind":"plain","optional":true,"computed":true},"response_buffering":{"type":"string","description_kind":"plain","optional":true,"computed":true},"rocket_loader":{"type":"string","description_kind":"plain","optional":true,"computed":true},"security_level":{"type":"string","description_kind":"plain","optional":true,"computed":true},"server_side_exclude":{"type":"string","description_kind":"plain","optional":true,"computed":true},"sort_query_string_for_cache":{"type":"string","description_kind":"plain","optional":true,"computed":true},"ssl":{"type":"string","description_kind":"plain","optional":true,"computed":true},"tls_1_2_only":{"type":"string","description_kind":"plain","deprecated":true,"optional":true,"computed":true},"tls_1_3":{"type":"string","description_kind":"plain","optional":true,"computed":true},"tls_client_auth":{"type":"string","description_kind":"plain","optional":true,"computed":true},"true_client_ip_header":{"type":"string","description_kind":"plain","optional":true,"computed":true},"universal_ssl":{"type":"string","description_kind":"plain","optional":true,"computed":true},"waf":{"type":"string","description_kind":"plain","optional":true,"computed":true},"webp":{"type":"string","description_kind":"plain","optional":true,"computed":true},"websockets":{"type":"string","description_kind":"plain","optional":true,"computed":true},"zero_rtt":{"type":"string","description_kind":"plain","optional":true,"computed":true}},"block_types":{"minify":{"nesting_mode":"list","block":{"attributes":{"css":{"type":"string","description_kind":"plain","required":true},"html":{"type":"string","description_kind":"plain","required":true},"js":{"type":"string","description_kind":"plain","required":true}},"description_kind":"plain"},"max_items":1},"mobile_redirect":{"nesting_mode":"list","block":{"attributes":{"mobile_subdomain":{"type":"string","description_kind":"plain","required":true},"status":{"type":"string","description_kind":"plain","required":true},"strip_uri":{"type":"bool","description_kind":"plain","required":true}},"description_kind":"plain"},"max_items":1},"security_header":{"nesting_mode":"list","block":{"attributes":{"enabled":{"type":"bool","description_kind":"plain","optional":true,"computed":true},"include_subdomains":{"type":"bool","description_kind":"plain","optional":true,"computed":true},"max_age":{"type":"number","description_kind":"plain","optional":true,"computed":true},"nosniff":{"type":"bool","description_kind":"plain","optional":true,"computed":true},"preload":{"type":"bool","description_kind":"plain","optional":true,"computed":true}},"description_kind":"plain"},"max_items":1}},"description_kind":"plain"},"max_items":1}},"description_kind":"plain"}}},"data_source_schemas":{"cloudflare_api_token_permission_groups":{"version":0,"block":{"attributes":{"id":{"type":"string","description_kind":"plain","optional":true,"computed":true},"permissions":{"type":["map","string"],"description_kind":"plain","computed":true}},"description_kind":"plain"}},"cloudflare_ip_ranges":{"version":0,"block":{"attributes":{"china_ipv4_cidr_blocks":{"type":["list","string"],"description_kind":"plain","computed":true},"china_ipv6_cidr_blocks":{"type":["list","string"],"description_kind":"plain","computed":true},"cidr_blocks":{"type":["list","string"],"description_kind":"plain","computed":true},"id":{"type":"string","description_kind":"plain","optional":true,"computed":true},"ipv4_cidr_blocks":{"type":["list","string"],"description_kind":"plain","computed":true},"ipv6_cidr_blocks":{"type":["list","string"],"description_kind":"plain","computed":true}},"description_kind":"plain"}},"cloudflare_waf_groups":{"version":0,"block":{"attributes":{"groups":{"type":["list",["object",{"description":"string","id":"string","mode":"string","modified_rules_count":"number","name":"string","package_id":"string","rules_count":"number"}]],"description_kind":"plain","computed":true},"id":{"type":"string","description_kind":"plain","optional":true,"computed":true},"package_id":{"type":"string","description_kind":"plain","optional":true},"zone_id":{"type":"string","description_kind":"plain","required":true}},"block_types":{"filter":{"nesting_mode":"list","block":{"attributes":{"mode":{"type":"string","description_kind":"plain","optional":true},"name":{"type":"string","description_kind":"plain","optional":true}},"description_kind":"plain"},"max_items":1}},"description_kind":"plain"}},"cloudflare_waf_packages":{"version":0,"block":{"attributes":{"id":{"type":"string","description_kind":"plain","optional":true,"computed":true},"packages":{"type":["list",["object",{"action_mode":"string","description":"string","detection_mode":"string","id":"string","name":"string","sensitivity":"string"}]],"description_kind":"plain","computed":true},"zone_id":{"type":"string","description_kind":"plain","required":true}},"block_types":{"filter":{"nesting_mode":"list","block":{"attributes":{"action_mode":{"type":"string","description_kind":"plain","optional":true},"detection_mode":{"type":"string","description_kind":"plain","optional":true},"name":{"type":"string","description_kind":"plain","optional":true},"sensitivity":{"type":"string","description_kind":"plain","optional":true}},"description_kind":"plain"},"max_items":1}},"description_kind":"plain"}},"cloudflare_waf_rules":{"version":0,"block":{"attributes":{"id":{"type":"string","description_kind":"plain","optional":true,"computed":true},"package_id":{"type":"string","description_kind":"plain","optional":true},"rules":{"type":["list",["object",{"allowed_modes":["list","string"],"default_mode":"string","description":"string","group_id":"string","group_name":"string","id":"string","mode":"string","package_id":"string","priority":"string"}]],"description_kind":"plain","computed":true},"zone_id":{"type":"string","description_kind":"plain","required":true}},"block_types":{"filter":{"nesting_mode":"list","block":{"attributes":{"description":{"type":"string","description_kind":"plain","optional":true},"group_id":{"type":"string","description_kind":"plain","optional":true},"mode":{"type":"string","description_kind":"plain","optional":true}},"description_kind":"plain"},"max_items":1}},"description_kind":"plain"}},"cloudflare_zone_dnssec":{"version":0,"block":{"attributes":{"algorithm":{"type":"string","description_kind":"plain","computed":true},"digest":{"type":"string","description_kind":"plain","computed":true},"digest_algorithm":{"type":"string","description_kind":"plain","computed":true},"digest_type":{"type":"string","description_kind":"plain","computed":true},"ds":{"type":"string","description_kind":"plain","computed":true},"flags":{"type":"number","description_kind":"plain","computed":true},"id":{"type":"string","description_kind":"plain","optional":true,"computed":true},"key_tag":{"type":"number","description_kind":"plain","computed":true},"key_type":{"type":"string","description_kind":"plain","computed":true},"public_key":{"type":"string","description_kind":"plain","computed":true},"status":{"type":"string","description_kind":"plain","computed":true},"zone_id":{"type":"string","description_kind":"plain","required":true}},"description_kind":"plain"}},"cloudflare_zones":{"version":0,"block":{"attributes":{"id":{"type":"string","description_kind":"plain","optional":true,"computed":true},"zones":{"type":["list",["object",{"id":"string","name":"string"}]],"description_kind":"plain","computed":true}},"block_types":{"filter":{"nesting_mode":"list","block":{"attributes":{"lookup_type":{"type":"string","description_kind":"plain","optional":true},"match":{"type":"string","description_kind":"plain","optional":true},"name":{"type":"string","description_kind":"plain","optional":true},"paused":{"type":"bool","description_kind":"plain","optional":true},"status":{"type":"string","description_kind":"plain","optional":true}},"description_kind":"plain"},"min_items":1,"max_items":1}},"description_kind":"plain"}}}}}}
