{"format_version":"0.2","provider_schemas":{"registry.terraform.io/garrettrowe/sshkey":{"provider":{"version":0,"block":{"attributes":{"bluemix_api_key":{"type":"string","description":"The Bluemix API Key","description_kind":"plain","deprecated":true,"optional":true},"bluemix_timeout":{"type":"number","description":"The timeout (in seconds) to set for any Bluemix API calls made.","description_kind":"plain","deprecated":true,"optional":true},"generation":{"type":"number","description":"Generation of Virtual Private Cloud. Default is 2","description_kind":"plain","optional":true},"iam_refresh_token":{"type":"string","description":"IAM Authentication refresh token","description_kind":"plain","optional":true},"iam_token":{"type":"string","description":"IAM Authentication token","description_kind":"plain","optional":true},"ibmcloud_api_key":{"type":"string","description":"The IBM Cloud API Key","description_kind":"plain","optional":true},"ibmcloud_timeout":{"type":"number","description":"The timeout (in seconds) to set for any IBM Cloud API calls made.","description_kind":"plain","optional":true},"max_retries":{"type":"number","description":"The retry count to set for API calls.","description_kind":"plain","optional":true},"region":{"type":"string","description":"The IBM cloud Region (for example 'us-south').","description_kind":"plain","optional":true},"resource_group":{"type":"string","description":"The Resource group id.","description_kind":"plain","optional":true},"riaas_endpoint":{"type":"string","description":"The next generation infrastructure service endpoint url.","description_kind":"plain","deprecated":true,"optional":true},"zone":{"type":"string","description":"The IBM cloud Region zone (for example 'us-south-1') for power resources.","description_kind":"plain","optional":true}},"description_kind":"plain"}},"resource_schemas":{"sshkey":{"version":0,"block":{"attributes":{"fingerprint":{"type":"string","description":"SSH key Fingerprint info","description_kind":"plain","computed":true},"id":{"type":"string","description_kind":"plain","optional":true,"computed":true},"length":{"type":"number","description":"SSH key Length","description_kind":"plain","computed":true},"name":{"type":"string","description":"SSH Key name","description_kind":"plain","required":true},"public_key":{"type":"string","description":"SSH Public key data","description_kind":"plain","required":true},"resource_crn":{"type":"string","description":"The crn of the resource","description_kind":"plain","computed":true},"resource_group":{"type":"string","description":"Resource group ID","description_kind":"plain","optional":true,"computed":true},"resource_group_name":{"type":"string","description":"The resource group name in which resource is provisioned","description_kind":"plain","computed":true},"resource_name":{"type":"string","description":"The name of the resource","description_kind":"plain","computed":true},"type":{"type":"string","description":"Key type","description_kind":"plain","computed":true}},"description_kind":"plain"}}}}}}
