{"format_version":"0.2","provider_schemas":{"registry.terraform.io/gavinbunney/bitbucketserver":{"provider":{"version":0,"block":{"attributes":{"password":{"type":"string","description_kind":"plain","required":true},"server":{"type":"string","description_kind":"plain","required":true},"username":{"type":"string","description_kind":"plain","required":true}},"description_kind":"plain"}},"resource_schemas":{"bitbucketserver_banner":{"version":0,"block":{"attributes":{"audience":{"type":"string","description_kind":"plain","optional":true},"enabled":{"type":"bool","description_kind":"plain","optional":true},"id":{"type":"string","description_kind":"plain","optional":true,"computed":true},"message":{"type":"string","description_kind":"plain","required":true}},"description_kind":"plain"}},"bitbucketserver_default_reviewers_condition":{"version":0,"block":{"attributes":{"id":{"type":"string","description_kind":"plain","optional":true,"computed":true},"project_key":{"type":"string","description_kind":"plain","required":true},"repository_slug":{"type":"string","description_kind":"plain","optional":true},"required_approvals":{"type":"number","description":"The number of default reviewers that must approve a pull request.","description_kind":"plain","required":true},"reviewers":{"type":["set","number"],"description":"IDs of users to become default reviewers when you create a pull request.","description_kind":"plain","required":true},"source_matcher":{"type":["map","string"],"description":"id can be either \"any\" to match all branches, \"refs/heads/master\" to match certain branch, \"pattern\" to match multiple branches or \"development\" to match branching model. type_id must be one of: \"ANY_REF\", \"BRANCH\", \"PATTERN\", \"MODEL_BRANCH\".","description_kind":"plain","required":true},"target_matcher":{"type":["map","string"],"description":"id can be either \"any\" to match all branches, \"refs/heads/master\" to match certain branch, \"pattern\" to match multiple branches or \"development\" to match branching model. type_id must be one of: \"ANY_REF\", \"BRANCH\", \"PATTERN\", \"MODEL_BRANCH\".","description_kind":"plain","required":true}},"description_kind":"plain"}},"bitbucketserver_global_permissions_group":{"version":0,"block":{"attributes":{"group":{"type":"string","description_kind":"plain","required":true},"id":{"type":"string","description_kind":"plain","optional":true,"computed":true},"permission":{"type":"string","description_kind":"plain","required":true}},"description_kind":"plain"}},"bitbucketserver_global_permissions_user":{"version":0,"block":{"attributes":{"id":{"type":"string","description_kind":"plain","optional":true,"computed":true},"permission":{"type":"string","description_kind":"plain","required":true},"user":{"type":"string","description_kind":"plain","required":true}},"description_kind":"plain"}},"bitbucketserver_group":{"version":0,"block":{"attributes":{"id":{"type":"string","description_kind":"plain","optional":true,"computed":true},"import_if_exists":{"type":"bool","description_kind":"plain","optional":true},"name":{"type":"string","description_kind":"plain","required":true}},"description_kind":"plain"}},"bitbucketserver_license":{"version":0,"block":{"attributes":{"creation_date":{"type":"string","description_kind":"plain","computed":true},"expiry_date":{"type":"string","description_kind":"plain","computed":true},"grace_period_end_date":{"type":"string","description_kind":"plain","computed":true},"id":{"type":"string","description_kind":"plain","optional":true,"computed":true},"license":{"type":"string","description_kind":"plain","required":true,"sensitive":true},"maintenance_expiry_date":{"type":"string","description_kind":"plain","computed":true},"maximum_users":{"type":"number","description_kind":"plain","computed":true},"purchase_date":{"type":"string","description_kind":"plain","computed":true},"server_id":{"type":"string","description_kind":"plain","computed":true},"support_entitlement_number":{"type":"string","description_kind":"plain","computed":true},"unlimited_users":{"type":"bool","description_kind":"plain","computed":true}},"description_kind":"plain"}},"bitbucketserver_mail_server":{"version":0,"block":{"attributes":{"hostname":{"type":"string","description_kind":"plain","required":true},"id":{"type":"string","description_kind":"plain","optional":true,"computed":true},"password":{"type":"string","description_kind":"plain","optional":true,"sensitive":true},"port":{"type":"number","description_kind":"plain","optional":true},"protocol":{"type":"string","description_kind":"plain","optional":true,"computed":true},"require_start_tls":{"type":"bool","description_kind":"plain","optional":true},"sender_address":{"type":"string","description_kind":"plain","required":true},"use_start_tls":{"type":"bool","description_kind":"plain","optional":true},"username":{"type":"string","description_kind":"plain","optional":true}},"description_kind":"plain"}},"bitbucketserver_plugin":{"version":0,"block":{"attributes":{"applied_license":{"type":["list",["object",{"active":"bool","auto_renewal":"bool","contact_email":"string","crossgradeable":"bool","data_center":"bool","enterprise":"bool","evaluation":"bool","expiry_date":"string","license_type":"string","maintenance_expired":"bool","maintenance_expiry_date":"string","nearly_expired":"bool","organization_name":"string","purchase_past_server_cutoff_date":"bool","raw_license":"string","renewable":"bool","subscription":"bool","support_entitlement_number":"string","upgradable":"bool","valid":"bool"}]],"description_kind":"plain","computed":true},"description":{"type":"string","description_kind":"plain","computed":true},"enabled":{"type":"bool","description_kind":"plain","optional":true},"enabled_by_default":{"type":"bool","description_kind":"plain","computed":true},"id":{"type":"string","description_kind":"plain","optional":true,"computed":true},"key":{"type":"string","description_kind":"plain","required":true},"license":{"type":"string","description_kind":"plain","optional":true},"name":{"type":"string","description_kind":"plain","computed":true},"optional":{"type":"bool","description_kind":"plain","computed":true},"user_installed":{"type":"bool","description_kind":"plain","computed":true},"vendor":{"type":["map","string"],"description_kind":"plain","computed":true},"version":{"type":"string","description_kind":"plain","required":true}},"description_kind":"plain"}},"bitbucketserver_plugin_config":{"version":0,"block":{"attributes":{"config_endpoint":{"type":"string","description_kind":"plain","required":true},"id":{"type":"string","description_kind":"plain","optional":true,"computed":true},"values":{"type":"string","description_kind":"plain","required":true}},"description_kind":"plain"}},"bitbucketserver_project":{"version":0,"block":{"attributes":{"avatar":{"type":"string","description_kind":"plain","optional":true},"description":{"type":"string","description_kind":"plain","optional":true},"id":{"type":"string","description_kind":"plain","optional":true,"computed":true},"key":{"type":"string","description_kind":"plain","required":true},"name":{"type":"string","description_kind":"plain","required":true},"public":{"type":"bool","description_kind":"plain","optional":true}},"description_kind":"plain"}},"bitbucketserver_project_hook":{"version":0,"block":{"attributes":{"hook":{"type":"string","description_kind":"plain","required":true},"id":{"type":"string","description_kind":"plain","optional":true,"computed":true},"project":{"type":"string","description_kind":"plain","required":true},"settings":{"type":["map","string"],"description_kind":"plain","optional":true}},"description_kind":"plain"}},"bitbucketserver_project_permissions_group":{"version":0,"block":{"attributes":{"group":{"type":"string","description_kind":"plain","required":true},"id":{"type":"string","description_kind":"plain","optional":true,"computed":true},"permission":{"type":"string","description_kind":"plain","required":true},"project":{"type":"string","description_kind":"plain","required":true}},"description_kind":"plain"}},"bitbucketserver_project_permissions_user":{"version":0,"block":{"attributes":{"id":{"type":"string","description_kind":"plain","optional":true,"computed":true},"permission":{"type":"string","description_kind":"plain","required":true},"project":{"type":"string","description_kind":"plain","required":true},"user":{"type":"string","description_kind":"plain","required":true}},"description_kind":"plain"}},"bitbucketserver_repository":{"version":0,"block":{"attributes":{"clone_https":{"type":"string","description_kind":"plain","computed":true},"clone_ssh":{"type":"string","description_kind":"plain","computed":true},"description":{"type":"string","description_kind":"plain","optional":true},"enable_git_lfs":{"type":"bool","description_kind":"plain","optional":true},"fork_repository_project":{"type":"string","description_kind":"plain","optional":true},"fork_repository_slug":{"type":"string","description_kind":"plain","optional":true},"forkable":{"type":"bool","description_kind":"plain","optional":true},"id":{"type":"string","description_kind":"plain","optional":true,"computed":true},"name":{"type":"string","description_kind":"plain","required":true},"project":{"type":"string","description_kind":"plain","required":true},"public":{"type":"bool","description_kind":"plain","optional":true},"slug":{"type":"string","description_kind":"plain","optional":true,"computed":true}},"description_kind":"plain"}},"bitbucketserver_repository_hook":{"version":0,"block":{"attributes":{"hook":{"type":"string","description_kind":"plain","required":true},"id":{"type":"string","description_kind":"plain","optional":true,"computed":true},"project":{"type":"string","description_kind":"plain","required":true},"repository":{"type":"string","description_kind":"plain","required":true},"settings":{"type":["map","string"],"description_kind":"plain","optional":true}},"description_kind":"plain"}},"bitbucketserver_repository_permissions_group":{"version":0,"block":{"attributes":{"group":{"type":"string","description_kind":"plain","required":true},"id":{"type":"string","description_kind":"plain","optional":true,"computed":true},"permission":{"type":"string","description_kind":"plain","required":true},"project":{"type":"string","description_kind":"plain","required":true},"repository":{"type":"string","description_kind":"plain","required":true}},"description_kind":"plain"}},"bitbucketserver_repository_permissions_user":{"version":0,"block":{"attributes":{"id":{"type":"string","description_kind":"plain","optional":true,"computed":true},"permission":{"type":"string","description_kind":"plain","required":true},"project":{"type":"string","description_kind":"plain","required":true},"repository":{"type":"string","description_kind":"plain","required":true},"user":{"type":"string","description_kind":"plain","required":true}},"description_kind":"plain"}},"bitbucketserver_user":{"version":0,"block":{"attributes":{"display_name":{"type":"string","description_kind":"plain","required":true},"email_address":{"type":"string","description_kind":"plain","required":true},"id":{"type":"string","description_kind":"plain","optional":true,"computed":true},"initial_password":{"type":"string","description_kind":"plain","computed":true,"sensitive":true},"name":{"type":"string","description_kind":"plain","required":true},"password_length":{"type":"number","description_kind":"plain","optional":true}},"description_kind":"plain"}},"bitbucketserver_user_access_token":{"version":0,"block":{"attributes":{"access_token":{"type":"string","description_kind":"plain","computed":true,"sensitive":true},"created_date":{"type":"string","description_kind":"plain","computed":true},"id":{"type":"string","description_kind":"plain","optional":true,"computed":true},"last_authenticated":{"type":"string","description_kind":"plain","computed":true},"name":{"type":"string","description_kind":"plain","required":true},"permissions":{"type":["list","string"],"description_kind":"plain","required":true},"user":{"type":"string","description_kind":"plain","required":true}},"description_kind":"plain"}},"bitbucketserver_user_group":{"version":0,"block":{"attributes":{"group":{"type":"string","description_kind":"plain","required":true},"id":{"type":"string","description_kind":"plain","optional":true,"computed":true},"user":{"type":"string","description_kind":"plain","required":true}},"description_kind":"plain"}}},"data_source_schemas":{"bitbucketserver_application_properties":{"version":0,"block":{"attributes":{"build_date":{"type":"string","description_kind":"plain","computed":true},"build_number":{"type":"string","description_kind":"plain","computed":true},"display_name":{"type":"string","description_kind":"plain","computed":true},"id":{"type":"string","description_kind":"plain","optional":true,"computed":true},"version":{"type":"string","description_kind":"plain","computed":true}},"description_kind":"plain"}},"bitbucketserver_cluster":{"version":0,"block":{"attributes":{"id":{"type":"string","description_kind":"plain","optional":true,"computed":true},"local_node":{"type":["list",["object",{"hostname":"string","id":"string","local":"bool","name":"string","port":"number"}]],"description_kind":"plain","computed":true},"nodes":{"type":["list",["object",{"hostname":"string","id":"string","local":"bool","name":"string","port":"number"}]],"description_kind":"plain","computed":true},"running":{"type":"bool","description_kind":"plain","computed":true}},"description_kind":"plain"}},"bitbucketserver_global_permissions_groups":{"version":0,"block":{"attributes":{"filter":{"type":"string","description_kind":"plain","optional":true},"groups":{"type":["list",["object",{"name":"string","permission":"string"}]],"description_kind":"plain","computed":true},"id":{"type":"string","description_kind":"plain","optional":true,"computed":true}},"description_kind":"plain"}},"bitbucketserver_global_permissions_users":{"version":0,"block":{"attributes":{"filter":{"type":"string","description_kind":"plain","optional":true},"id":{"type":"string","description_kind":"plain","optional":true,"computed":true},"users":{"type":["list",["object",{"active":"bool","display_name":"string","email_address":"string","name":"string","permission":"string"}]],"description_kind":"plain","computed":true}},"description_kind":"plain"}},"bitbucketserver_group_users":{"version":0,"block":{"attributes":{"filter":{"type":"string","description_kind":"plain","optional":true},"group":{"type":"string","description_kind":"plain","required":true},"id":{"type":"string","description_kind":"plain","optional":true,"computed":true},"users":{"type":["list",["object",{"active":"bool","display_name":"string","email_address":"string","name":"string"}]],"description_kind":"plain","computed":true}},"description_kind":"plain"}},"bitbucketserver_groups":{"version":0,"block":{"attributes":{"filter":{"type":"string","description_kind":"plain","optional":true},"groups":{"type":["list",["object",{"name":"string"}]],"description_kind":"plain","computed":true},"id":{"type":"string","description_kind":"plain","optional":true,"computed":true}},"description_kind":"plain"}},"bitbucketserver_plugin":{"version":0,"block":{"attributes":{"applied_license":{"type":["list",["object",{"active":"bool","auto_renewal":"bool","contact_email":"string","crossgradeable":"bool","data_center":"bool","enterprise":"bool","evaluation":"bool","expiry_date":"string","license_type":"string","maintenance_expired":"bool","maintenance_expiry_date":"string","nearly_expired":"bool","organization_name":"string","purchase_past_server_cutoff_date":"bool","raw_license":"string","renewable":"bool","subscription":"bool","support_entitlement_number":"string","upgradable":"bool","valid":"bool"}]],"description_kind":"plain","computed":true},"description":{"type":"string","description_kind":"plain","computed":true},"enabled":{"type":"bool","description_kind":"plain","computed":true},"enabled_by_default":{"type":"bool","description_kind":"plain","computed":true},"id":{"type":"string","description_kind":"plain","optional":true,"computed":true},"key":{"type":"string","description_kind":"plain","required":true},"name":{"type":"string","description_kind":"plain","computed":true},"optional":{"type":"bool","description_kind":"plain","computed":true},"user_installed":{"type":"bool","description_kind":"plain","computed":true},"vendor":{"type":["map","string"],"description_kind":"plain","computed":true},"version":{"type":"string","description_kind":"plain","computed":true}},"description_kind":"plain"}},"bitbucketserver_project_hooks":{"version":0,"block":{"attributes":{"hooks":{"type":["list",["object",{"configured":"bool","description":"string","enabled":"bool","key":"string","name":"string","scope_resource_id":"number","scope_type":"string","scope_types":["list","string"],"type":"string","version":"string"}]],"description_kind":"plain","computed":true},"id":{"type":"string","description_kind":"plain","optional":true,"computed":true},"project":{"type":"string","description_kind":"plain","required":true},"type":{"type":"string","description_kind":"plain","optional":true}},"description_kind":"plain"}},"bitbucketserver_project_permissions_groups":{"version":0,"block":{"attributes":{"filter":{"type":"string","description_kind":"plain","optional":true},"groups":{"type":["list",["object",{"name":"string","permission":"string"}]],"description_kind":"plain","computed":true},"id":{"type":"string","description_kind":"plain","optional":true,"computed":true},"project":{"type":"string","description_kind":"plain","required":true}},"description_kind":"plain"}},"bitbucketserver_project_permissions_users":{"version":0,"block":{"attributes":{"filter":{"type":"string","description_kind":"plain","optional":true},"id":{"type":"string","description_kind":"plain","optional":true,"computed":true},"project":{"type":"string","description_kind":"plain","required":true},"users":{"type":["list",["object",{"active":"bool","display_name":"string","email_address":"string","name":"string","permission":"string"}]],"description_kind":"plain","computed":true}},"description_kind":"plain"}},"bitbucketserver_repository_hooks":{"version":0,"block":{"attributes":{"hooks":{"type":["list",["object",{"configured":"bool","description":"string","enabled":"bool","key":"string","name":"string","scope_resource_id":"number","scope_type":"string","scope_types":["list","string"],"type":"string","version":"string"}]],"description_kind":"plain","computed":true},"id":{"type":"string","description_kind":"plain","optional":true,"computed":true},"project":{"type":"string","description_kind":"plain","required":true},"repository":{"type":"string","description_kind":"plain","required":true},"type":{"type":"string","description_kind":"plain","optional":true}},"description_kind":"plain"}},"bitbucketserver_repository_permissions_groups":{"version":0,"block":{"attributes":{"filter":{"type":"string","description_kind":"plain","optional":true},"groups":{"type":["list",["object",{"name":"string","permission":"string"}]],"description_kind":"plain","computed":true},"id":{"type":"string","description_kind":"plain","optional":true,"computed":true},"project":{"type":"string","description_kind":"plain","required":true},"repository":{"type":"string","description_kind":"plain","required":true}},"description_kind":"plain"}},"bitbucketserver_repository_permissions_users":{"version":0,"block":{"attributes":{"filter":{"type":"string","description_kind":"plain","optional":true},"id":{"type":"string","description_kind":"plain","optional":true,"computed":true},"project":{"type":"string","description_kind":"plain","required":true},"repository":{"type":"string","description_kind":"plain","required":true},"users":{"type":["list",["object",{"active":"bool","display_name":"string","email_address":"string","name":"string","permission":"string"}]],"description_kind":"plain","computed":true}},"description_kind":"plain"}},"bitbucketserver_user":{"version":0,"block":{"attributes":{"display_name":{"type":"string","description_kind":"plain","computed":true},"email_address":{"type":"string","description_kind":"plain","computed":true},"id":{"type":"string","description_kind":"plain","optional":true,"computed":true},"name":{"type":"string","description_kind":"plain","required":true},"user_id":{"type":"number","description_kind":"plain","computed":true}},"description_kind":"plain"}}}}}}
