{"format_version":"0.2","provider_schemas":{"registry.terraform.io/gbauso/elephantsql":{"provider":{"version":0,"block":{"attributes":{"apikey":{"type":"string","description":"Key used to authentication to the ElephantSQL API","description_kind":"plain","required":true},"baseurl":{"type":"string","description":"Base URL to ElephantSQL website","description_kind":"plain","optional":true}},"description_kind":"plain"}},"resource_schemas":{"elephantsql_instance":{"version":0,"block":{"attributes":{"apikey":{"type":"string","description":"API key for the ElephantSQL instance","description_kind":"plain","computed":true,"sensitive":true},"id":{"type":"string","description_kind":"plain","optional":true,"computed":true},"name":{"type":"string","description":"Name of the instance","description_kind":"plain","required":true},"plan":{"type":"string","description":"Name of the plan","description_kind":"plain","required":true},"region":{"type":"string","description":"Name of the region you want to create your instance in","description_kind":"plain","required":true},"url":{"type":"string","description":"URL to the database","description_kind":"plain","computed":true,"sensitive":true}},"description_kind":"plain"}}}}}}
