{"format_version":"0.2","provider_schemas":{"registry.terraform.io/geriemiri/confighub":{"provider":{"version":0,"block":{"attributes":{"account":{"type":"string","description_kind":"plain","optional":true},"client_token":{"type":"string","description_kind":"plain","optional":true},"client_version":{"type":"string","description_kind":"plain","optional":true},"hostname":{"type":"string","description_kind":"plain","required":true},"port":{"type":"number","description_kind":"plain","optional":true},"repository":{"type":"string","description_kind":"plain","optional":true},"scheme":{"type":"string","description_kind":"plain","optional":true}},"description_kind":"plain"}},"resource_schemas":{"confighub_file":{"version":0,"block":{"attributes":{"application_name":{"type":"string","description_kind":"plain","optional":true},"content":{"type":"string","description_kind":"plain","required":true},"context":{"type":"string","description_kind":"plain","required":true},"id":{"type":"string","description_kind":"plain","optional":true,"computed":true},"password":{"type":"string","description_kind":"plain","optional":true},"path":{"type":"string","description_kind":"plain","required":true},"security_group":{"type":"string","description_kind":"plain","optional":true}},"description_kind":"plain"}},"confighub_property":{"version":0,"block":{"attributes":{"active":{"type":"bool","description_kind":"plain","optional":true},"context":{"type":"string","description_kind":"plain","required":true},"deprecated":{"type":"bool","description_kind":"plain","optional":true},"id":{"type":"string","description_kind":"plain","optional":true,"computed":true},"key":{"type":"string","description_kind":"plain","required":true},"password":{"type":"string","description_kind":"plain","optional":true},"readme":{"type":"string","description_kind":"plain","optional":true},"security_group":{"type":"string","description_kind":"plain","optional":true},"value":{"type":"string","description_kind":"plain","required":true},"vdt":{"type":"string","description_kind":"plain","optional":true}},"description_kind":"plain"}}},"data_source_schemas":{"confighub_file":{"version":0,"block":{"attributes":{"application_name":{"type":"string","description_kind":"plain","optional":true},"content":{"type":"string","description_kind":"plain","computed":true},"context":{"type":"string","description_kind":"plain","required":true},"id":{"type":"string","description_kind":"plain","optional":true,"computed":true},"path":{"type":"string","description_kind":"plain","required":true},"repository_date":{"type":"string","description_kind":"plain","optional":true},"tag":{"type":"string","description_kind":"plain","optional":true}},"description_kind":"plain"}},"confighub_properties":{"version":0,"block":{"attributes":{"account":{"type":"string","description_kind":"plain","computed":true},"application_name":{"type":"string","description_kind":"plain","optional":true},"context":{"type":"string","description_kind":"plain","required":true},"id":{"type":"string","description_kind":"plain","optional":true,"computed":true},"properties":{"type":["map","string"],"description_kind":"plain","computed":true},"repo":{"type":"string","description_kind":"plain","computed":true},"repository_date":{"type":"string","description_kind":"plain","optional":true},"tag":{"type":"string","description_kind":"plain","optional":true}},"description_kind":"plain"}}}}}}
