{"format_version":"0.2","provider_schemas":{"registry.terraform.io/gessnerfl/instana":{"provider":{"version":0,"block":{"attributes":{"api_token":{"type":"string","description":"API token used to authenticate with the Instana Backend","description_kind":"plain","required":true,"sensitive":true},"default_name_prefix":{"type":"string","description":"The default prefix which should be added to all resource names/labels","description_kind":"plain","optional":true},"default_name_suffix":{"type":"string","description":"The default suffix which should be added to all resource names/labels - default '(TF managed)'","description_kind":"plain","optional":true},"endpoint":{"type":"string","description":"The DNS Name of the Instana Endpoint (eg. saas-eu-west-1.instana.io)","description_kind":"plain","required":true}},"description_kind":"plain"}},"resource_schemas":{"instana_alerting_channel_email":{"version":1,"block":{"attributes":{"emails":{"type":["set","string"],"description":"The list of emails of the Email alerting channel","description_kind":"plain","required":true},"full_name":{"type":"string","description":"The the full name field of the alerting channel. The field is computed and contains the name which is sent to instana. The computation depends on the configured default_name_prefix and default_name_suffix at provider level","description_kind":"plain","computed":true},"id":{"type":"string","description_kind":"plain","optional":true,"computed":true},"name":{"type":"string","description":"Configures the name of the alerting channel","description_kind":"plain","required":true}},"description_kind":"plain"}},"instana_alerting_channel_google_chat":{"version":0,"block":{"attributes":{"full_name":{"type":"string","description":"The the full name field of the alerting channel. The field is computed and contains the name which is sent to instana. The computation depends on the configured default_name_prefix and default_name_suffix at provider level","description_kind":"plain","computed":true},"id":{"type":"string","description_kind":"plain","optional":true,"computed":true},"name":{"type":"string","description":"Configures the name of the alerting channel","description_kind":"plain","required":true},"webhook_url":{"type":"string","description":"The webhook URL of the GOOGLE_CHAT alerting channel","description_kind":"plain","required":true}},"description_kind":"plain"}},"instana_alerting_channel_office_365":{"version":0,"block":{"attributes":{"full_name":{"type":"string","description":"The the full name field of the alerting channel. The field is computed and contains the name which is sent to instana. The computation depends on the configured default_name_prefix and default_name_suffix at provider level","description_kind":"plain","computed":true},"id":{"type":"string","description_kind":"plain","optional":true,"computed":true},"name":{"type":"string","description":"Configures the name of the alerting channel","description_kind":"plain","required":true},"webhook_url":{"type":"string","description":"The webhook URL of the OFFICE_365 alerting channel","description_kind":"plain","required":true}},"description_kind":"plain"}},"instana_alerting_channel_ops_genie":{"version":0,"block":{"attributes":{"api_key":{"type":"string","description":"The OpsGenie API Key of the OpsGenie alerting channel","description_kind":"plain","required":true},"full_name":{"type":"string","description":"The the full name field of the alerting channel. The field is computed and contains the name which is sent to instana. The computation depends on the configured default_name_prefix and default_name_suffix at provider level","description_kind":"plain","computed":true},"id":{"type":"string","description_kind":"plain","optional":true,"computed":true},"name":{"type":"string","description":"Configures the name of the alerting channel","description_kind":"plain","required":true},"region":{"type":"string","description":"The OpsGenie region (EU/US) of the OpsGenie alerting channel","description_kind":"plain","required":true},"tags":{"type":["list","string"],"description":"The OpsGenie tags of the OpsGenie alerting channel","description_kind":"plain","required":true}},"description_kind":"plain"}},"instana_alerting_channel_pager_duty":{"version":0,"block":{"attributes":{"full_name":{"type":"string","description":"The the full name field of the alerting channel. The field is computed and contains the name which is sent to instana. The computation depends on the configured default_name_prefix and default_name_suffix at provider level","description_kind":"plain","computed":true},"id":{"type":"string","description_kind":"plain","optional":true,"computed":true},"name":{"type":"string","description":"Configures the name of the alerting channel","description_kind":"plain","required":true},"service_integration_key":{"type":"string","description":"The Service Integration Key of the PagerDuty alerting channel","description_kind":"plain","required":true}},"description_kind":"plain"}},"instana_alerting_channel_slack":{"version":0,"block":{"attributes":{"channel":{"type":"string","description":"The Slack channel of the Slack alerting channel","description_kind":"plain","optional":true},"full_name":{"type":"string","description":"The the full name field of the alerting channel. The field is computed and contains the name which is sent to instana. The computation depends on the configured default_name_prefix and default_name_suffix at provider level","description_kind":"plain","computed":true},"icon_url":{"type":"string","description":"The icon URL of the Slack alerting channel","description_kind":"plain","optional":true},"id":{"type":"string","description_kind":"plain","optional":true,"computed":true},"name":{"type":"string","description":"Configures the name of the alerting channel","description_kind":"plain","required":true},"webhook_url":{"type":"string","description":"The webhook URL of the Slack alerting channel","description_kind":"plain","required":true}},"description_kind":"plain"}},"instana_alerting_channel_splunk":{"version":0,"block":{"attributes":{"full_name":{"type":"string","description":"The the full name field of the alerting channel. The field is computed and contains the name which is sent to instana. The computation depends on the configured default_name_prefix and default_name_suffix at provider level","description_kind":"plain","computed":true},"id":{"type":"string","description_kind":"plain","optional":true,"computed":true},"name":{"type":"string","description":"Configures the name of the alerting channel","description_kind":"plain","required":true},"token":{"type":"string","description":"The token of the Splunk alerting channel","description_kind":"plain","required":true},"url":{"type":"string","description":"The URL of the Splunk alerting channel","description_kind":"plain","required":true}},"description_kind":"plain"}},"instana_alerting_channel_victor_ops":{"version":0,"block":{"attributes":{"api_key":{"type":"string","description":"The API Key of the VictorOps alerting channel","description_kind":"plain","required":true},"full_name":{"type":"string","description":"The the full name field of the alerting channel. The field is computed and contains the name which is sent to instana. The computation depends on the configured default_name_prefix and default_name_suffix at provider level","description_kind":"plain","computed":true},"id":{"type":"string","description_kind":"plain","optional":true,"computed":true},"name":{"type":"string","description":"Configures the name of the alerting channel","description_kind":"plain","required":true},"routing_key":{"type":"string","description":"The Routing Key of the VictorOps alerting channel","description_kind":"plain","required":true}},"description_kind":"plain"}},"instana_alerting_channel_webhook":{"version":1,"block":{"attributes":{"full_name":{"type":"string","description":"The the full name field of the alerting channel. The field is computed and contains the name which is sent to instana. The computation depends on the configured default_name_prefix and default_name_suffix at provider level","description_kind":"plain","computed":true},"http_headers":{"type":["map","string"],"description":"The optional map of HTTP headers of the Webhook alerting channel","description_kind":"plain","optional":true},"id":{"type":"string","description_kind":"plain","optional":true,"computed":true},"name":{"type":"string","description":"Configures the name of the alerting channel","description_kind":"plain","required":true},"webhook_urls":{"type":["set","string"],"description":"The list of webhook urls of the Webhook alerting channel","description_kind":"plain","required":true}},"description_kind":"plain"}},"instana_alerting_config":{"version":1,"block":{"attributes":{"alert_name":{"type":"string","description":"Configures the alert name of the alerting configuration","description_kind":"plain","required":true},"event_filter_event_types":{"type":["set","string"],"description":"Configures the list of Event Types IDs which should trigger an alert.","description_kind":"plain","optional":true},"event_filter_query":{"type":"string","description":"Configures a filter query to to filter rules or event types for a limited set of entities","description_kind":"plain","optional":true},"event_filter_rule_ids":{"type":["set","string"],"description":"Configures the list of Rule IDs which should trigger an alert.","description_kind":"plain","optional":true},"full_alert_name":{"type":"string","description":"The the full alert name field of the alerting configuration. The field is computed and contains the name which is sent to instana. The computation depends on the configured default_name_prefix and default_name_suffix at provider level","description_kind":"plain","computed":true},"id":{"type":"string","description_kind":"plain","optional":true,"computed":true},"integration_ids":{"type":["set","string"],"description":"Configures the list of Integration IDs (Alerting Channels).","description_kind":"plain","required":true}},"description_kind":"plain"}},"instana_api_token":{"version":0,"block":{"attributes":{"access_granting_token":{"type":"string","description":"The token used for the api Client used in the Authorization header to authenticate the client","description_kind":"plain","computed":true},"can_configure_agent_run_mode":{"type":"bool","description":"Configures if the API token is allowed to configure agent run mode","description_kind":"plain","optional":true},"can_configure_agents":{"type":"bool","description":"Configures if the API token is allowed to configure agents","description_kind":"plain","optional":true},"can_configure_api_tokens":{"type":"bool","description":"Configures if the API token is allowed to configure API tokens","description_kind":"plain","optional":true},"can_configure_applications":{"type":"bool","description":"Configures if the API token is allowed to configure applications","description_kind":"plain","optional":true},"can_configure_authentication_methods":{"type":"bool","description":"Configures if the API token is allowed to configure authentication methods","description_kind":"plain","optional":true},"can_configure_custom_alerts":{"type":"bool","description":"Configures if the API token is allowed to configure custom alerts","description_kind":"plain","optional":true},"can_configure_eum_applications":{"type":"bool","description":"Configures if the API token is allowed to configure End User Monitoring applications","description_kind":"plain","optional":true},"can_configure_global_alert_configs":{"type":"bool","description":"Configures if the API token is allowed to configure global alert configs","description_kind":"plain","optional":true},"can_configure_global_alert_payload":{"type":"bool","description":"Configures if the API token is allowed to configure global alert payload","description_kind":"plain","optional":true},"can_configure_integrations":{"type":"bool","description":"Configures if the API token is allowed to configure integrations","description_kind":"plain","optional":true},"can_configure_log_management":{"type":"bool","description":"Configures if the API token is allowed to configure log management","description_kind":"plain","optional":true},"can_configure_mobile_app_monitoring":{"type":"bool","description":"Configures if the API token is allowed to configure Mobile App Monitoring","description_kind":"plain","optional":true},"can_configure_releases":{"type":"bool","description":"Configures if the API token is allowed to configure releases","description_kind":"plain","optional":true},"can_configure_service_level_indicators":{"type":"bool","description":"Configures if the API token is allowed to configure service level indicators","description_kind":"plain","optional":true},"can_configure_service_mapping":{"type":"bool","description":"Configures if the API token is allowed to configure service mappings","description_kind":"plain","optional":true},"can_configure_session_settings":{"type":"bool","description":"Configures if the API token is allowed to configure session settings","description_kind":"plain","optional":true},"can_configure_teams":{"type":"bool","description":"Configures if the API token is allowed to configure teams (Groups)","description_kind":"plain","optional":true},"can_configure_users":{"type":"bool","description":"Configures if the API token is allowed to configure users","description_kind":"plain","optional":true},"can_create_public_custom_dashboards":{"type":"bool","description":"Configures if the API token is allowed to create public custom dashboards","description_kind":"plain","optional":true},"can_edit_all_accessible_custom_dashboards":{"type":"bool","description":"Configures if the API token is allowed to edit all accessible custom dashboards","description_kind":"plain","optional":true},"can_install_new_agents":{"type":"bool","description":"Configures if the API token is allowed to install new agents","description_kind":"plain","optional":true},"can_see_on_premise_license_information":{"type":"bool","description":"Configures if the API token is allowed to see onPremise license information","description_kind":"plain","optional":true},"can_see_usage_information":{"type":"bool","description":"Configures if the API token is allowed to see usage information","description_kind":"plain","optional":true},"can_view_account_and_billing_information":{"type":"bool","description":"Configures if the API token is allowed to view account and billing information","description_kind":"plain","optional":true},"can_view_audit_log":{"type":"bool","description":"Configures if the API token is allowed to view the audit log","description_kind":"plain","optional":true},"can_view_logs":{"type":"bool","description":"Configures if the API token is allowed to view logs","description_kind":"plain","optional":true},"can_view_trace_details":{"type":"bool","description":"Configures if the API token is allowed to view trace details","description_kind":"plain","optional":true},"full_name":{"type":"string","description":"The full name of the API token including prefix in suffix","description_kind":"plain","computed":true},"id":{"type":"string","description_kind":"plain","optional":true,"computed":true},"internal_id":{"type":"string","description":"The internal ID of the access token from the Instana platform","description_kind":"plain","computed":true},"name":{"type":"string","description":"The name of the API token","description_kind":"plain","required":true}},"description_kind":"plain"}},"instana_application_config":{"version":3,"block":{"attributes":{"boundary_scope":{"type":"string","description":"The boundary scope of the application config","description_kind":"plain","optional":true},"full_label":{"type":"string","description":"The the full label field of the application config. The field is computed and contains the label which is sent to instana. The computation depends on the configured default_name_prefix and default_name_suffix at provider level","description_kind":"plain","computed":true},"id":{"type":"string","description_kind":"plain","optional":true,"computed":true},"label":{"type":"string","description":"The label of the application config","description_kind":"plain","required":true},"match_specification":{"type":"string","description":"The match specification of the application config","description_kind":"plain","deprecated":true,"optional":true},"scope":{"type":"string","description":"The scope of the application config","description_kind":"plain","optional":true},"tag_filter":{"type":"string","description":"The tag filter of the application config","description_kind":"plain","optional":true}},"description_kind":"plain"}},"instana_custom_event_spec_entity_verification_rule":{"version":3,"block":{"attributes":{"description":{"type":"string","description":"Configures the description text of the custom event specification","description_kind":"plain","optional":true},"enabled":{"type":"bool","description":"Configures if the custom event specification is enabled or not","description_kind":"plain","optional":true},"entity_type":{"type":"string","description":"The computed entity type of a entity verification rule 'host'","description_kind":"plain","computed":true},"expiration_time":{"type":"number","description":"Configures the expiration time (grace period) to wait before the issue is closed","description_kind":"plain","optional":true},"full_name":{"type":"string","description":"The computed full name of the custom event specification. The field contains the name which is sent to instana. The computation depends on the configured default_name_prefix and default_name_suffix at provider level","description_kind":"plain","computed":true},"id":{"type":"string","description_kind":"plain","optional":true,"computed":true},"name":{"type":"string","description":"Configures the name of the custom event specification","description_kind":"plain","required":true},"query":{"type":"string","description":"Configures the dynamic focus query for the custom event specification","description_kind":"plain","optional":true},"rule_matching_entity_label":{"type":"string","description":"The label of the matching entity","description_kind":"plain","required":true},"rule_matching_entity_type":{"type":"string","description":"The type of the matching entity","description_kind":"plain","required":true},"rule_matching_operator":{"type":"string","description":"The operator which should be applied for matching the label for the given entity (e.g. IS, CONTAINS, STARTS_WITH, ENDS_WITH, NONE)","description_kind":"plain","required":true},"rule_offline_duration":{"type":"number","description":"The duration after which the matching entity is considered to be offline","description_kind":"plain","required":true},"rule_severity":{"type":"string","description":"Configures the severity of the rule of the custom event specification","description_kind":"plain","required":true},"triggering":{"type":"bool","description":"Configures the custom event specification should trigger an incident","description_kind":"plain","optional":true}},"description_kind":"plain"}},"instana_custom_event_spec_system_rule":{"version":2,"block":{"attributes":{"description":{"type":"string","description":"Configures the description text of the custom event specification","description_kind":"plain","optional":true},"enabled":{"type":"bool","description":"Configures if the custom event specification is enabled or not","description_kind":"plain","optional":true},"entity_type":{"type":"string","description":"The computed entity type of a entity verification rule 'any'","description_kind":"plain","computed":true},"expiration_time":{"type":"number","description":"Configures the expiration time (grace period) to wait before the issue is closed","description_kind":"plain","optional":true},"full_name":{"type":"string","description":"The computed full name of the custom event specification. The field contains the name which is sent to instana. The computation depends on the configured default_name_prefix and default_name_suffix at provider level","description_kind":"plain","computed":true},"id":{"type":"string","description_kind":"plain","optional":true,"computed":true},"name":{"type":"string","description":"Configures the name of the custom event specification","description_kind":"plain","required":true},"query":{"type":"string","description":"Configures the dynamic focus query for the custom event specification","description_kind":"plain","optional":true},"rule_severity":{"type":"string","description":"Configures the severity of the rule of the custom event specification","description_kind":"plain","required":true},"rule_system_rule_id":{"type":"string","description":"Configures the system rule id for the system rule of the custom event specification","description_kind":"plain","required":true},"triggering":{"type":"bool","description":"Configures the custom event specification should trigger an incident","description_kind":"plain","optional":true}},"description_kind":"plain"}},"instana_custom_event_spec_threshold_rule":{"version":3,"block":{"attributes":{"description":{"type":"string","description":"Configures the description text of the custom event specification","description_kind":"plain","optional":true},"enabled":{"type":"bool","description":"Configures if the custom event specification is enabled or not","description_kind":"plain","optional":true},"entity_type":{"type":"string","description":"Configures the entity type of the custom event specification","description_kind":"plain","required":true},"expiration_time":{"type":"number","description":"Configures the expiration time (grace period) to wait before the issue is closed","description_kind":"plain","optional":true},"full_name":{"type":"string","description":"The computed full name of the custom event specification. The field contains the name which is sent to instana. The computation depends on the configured default_name_prefix and default_name_suffix at provider level","description_kind":"plain","computed":true},"id":{"type":"string","description_kind":"plain","optional":true,"computed":true},"name":{"type":"string","description":"Configures the name of the custom event specification","description_kind":"plain","required":true},"query":{"type":"string","description":"Configures the dynamic focus query for the custom event specification","description_kind":"plain","optional":true},"rule_aggregation":{"type":"string","description":"The aggregation type (e.g. sum, avg)","description_kind":"plain","optional":true},"rule_condition_operator":{"type":"string","description":"The condition operator (e.g \u003e, \u003c)","description_kind":"plain","required":true},"rule_condition_value":{"type":"number","description":"The expected condition value to fulfill the rule","description_kind":"plain","required":true},"rule_metric_name":{"type":"string","description":"The metric name of the rule","description_kind":"plain","optional":true},"rule_metric_pattern_operator":{"type":"string","description":"The condition operator (e.g \u003e, \u003c)","description_kind":"plain","optional":true},"rule_metric_pattern_placeholder":{"type":"string","description":"The metric pattern placeholer/condition value of a dynamic built-in metrics","description_kind":"plain","optional":true},"rule_metric_pattern_postfix":{"type":"string","description":"The metric pattern postfix of a dynamic built-in metrics","description_kind":"plain","optional":true},"rule_metric_pattern_prefix":{"type":"string","description":"The metric pattern prefix of a dynamic built-in metrics","description_kind":"plain","optional":true},"rule_rollup":{"type":"number","description":"The rollup of the metric","description_kind":"plain","optional":true},"rule_severity":{"type":"string","description":"Configures the severity of the rule of the custom event specification","description_kind":"plain","required":true},"rule_window":{"type":"number","description":"The time window where the condition has to be fulfilled","description_kind":"plain","optional":true},"triggering":{"type":"bool","description":"Configures the custom event specification should trigger an incident","description_kind":"plain","optional":true}},"description_kind":"plain"}},"instana_rbac_group":{"version":0,"block":{"attributes":{"full_name":{"type":"string","description":"The full name of the group. The field is computed and contains the name which is sent to instana. The computation depends on the configured default_name_prefix and default_name_suffix at provider level","description_kind":"plain","computed":true},"id":{"type":"string","description_kind":"plain","optional":true,"computed":true},"name":{"type":"string","description":"The name of the Group","description_kind":"plain","required":true}},"block_types":{"member":{"nesting_mode":"set","block":{"attributes":{"email":{"type":"string","description":"The email address of the group member","description_kind":"plain","optional":true},"user_id":{"type":"string","description":"The user id of the group member","description_kind":"plain","required":true}},"description":"The members of the group","description_kind":"plain"},"max_items":1024},"permission_set":{"nesting_mode":"list","block":{"attributes":{"application_ids":{"type":["set","string"],"description":"The scope bindings to restrict access to applications","description_kind":"plain","optional":true},"infra_dfq_filter":{"type":"string","description":"The scope binding for the dynamic filter query to restrict access to infrastructure assets","description_kind":"plain","optional":true},"kubernetes_cluster_uuids":{"type":["set","string"],"description":"The scope bindings to restrict access to Kubernetes Clusters","description_kind":"plain","optional":true},"kubernetes_namespaces_uuids":{"type":["set","string"],"description":"The scope bindings to restrict access to Kubernetes namespaces","description_kind":"plain","optional":true},"mobile_app_ids":{"type":["set","string"],"description":"The scope bindings to restrict access to mobile apps","description_kind":"plain","optional":true},"permissions":{"type":["set","string"],"description":"The permissions assigned which should be assigned to the users of the group","description_kind":"plain","optional":true},"website_ids":{"type":["set","string"],"description":"The scope bindings to restrict access to websites","description_kind":"plain","optional":true}},"description":"The permission set of the group","description_kind":"plain"},"max_items":1}},"description_kind":"plain"}},"instana_sli_config":{"version":0,"block":{"attributes":{"full_name":{"type":"string","description":"The full name of the SLI config. The field is computed and contains the name which is sent to instana. The computation depends on the configured default_name_prefix and default_name_suffix at provider level","description_kind":"plain","computed":true},"id":{"type":"string","description_kind":"plain","optional":true,"computed":true},"initial_evaluation_timestamp":{"type":"number","description":"Initial evaluation timestamp for the SLI config","description_kind":"plain","optional":true},"name":{"type":"string","description":"The name of the SLI config","description_kind":"plain","required":true}},"block_types":{"metric_configuration":{"nesting_mode":"list","block":{"attributes":{"aggregation":{"type":"string","description":"The aggregation type for the metric configuration (SUM, MEAN, MAX, MIN, P25, P50, P75, P90, P95, P98, P99, DISTINCT_COUNT)","description_kind":"plain","required":true},"metric_name":{"type":"string","description":"The metric name for the metric configuration","description_kind":"plain","required":true},"threshold":{"type":"number","description":"The threshold for the metric configuration","description_kind":"plain","required":true}},"description":"Metric configuration for the SLI config","description_kind":"plain"},"min_items":1,"max_items":1},"sli_entity":{"nesting_mode":"list","block":{"attributes":{"application_id":{"type":"string","description":"The application ID of the entity","description_kind":"plain","optional":true},"boundary_scope":{"type":"string","description":"The boundary scope for the entity configuration (ALL, INBOUND)","description_kind":"plain","required":true},"endpoint_id":{"type":"string","description":"The endpoint ID of the entity","description_kind":"plain","optional":true},"service_id":{"type":"string","description":"The service ID of the entity","description_kind":"plain","optional":true},"type":{"type":"string","description":"The entity type (application, custom, availability)","description_kind":"plain","required":true}},"description":"The entity to use for the SLI config","description_kind":"plain"},"min_items":1,"max_items":1}},"description_kind":"plain"}},"instana_website_monitoring_config":{"version":0,"block":{"attributes":{"app_name":{"type":"string","description":"Configures the calculated app name of the website monitoring configuration","description_kind":"plain","computed":true},"full_name":{"type":"string","description":"Configures the full name field of the website monitoring configuration. The field is computed and contains the name which is sent to instana. The computation depends on the configured default_name_prefix and default_name_suffix at provider level","description_kind":"plain","computed":true},"id":{"type":"string","description_kind":"plain","optional":true,"computed":true},"name":{"type":"string","description":"Configures the name of the website monitoring configuration","description_kind":"plain","required":true}},"description_kind":"plain"}}},"data_source_schemas":{"instana_builtin_event_spec":{"version":0,"block":{"attributes":{"description":{"type":"string","description":"The description text of the builtin event.","description_kind":"plain","computed":true},"enabled":{"type":"bool","description":"Indicates if the builtin event is enabled or not","description_kind":"plain","computed":true},"id":{"type":"string","description_kind":"plain","optional":true,"computed":true},"name":{"type":"string","description":"The name of the builtin event","description_kind":"plain","required":true},"severity":{"type":"string","description":"The severity (WARNING, CRITICAL, etc.) of the builtin event.","description_kind":"plain","computed":true},"severity_code":{"type":"number","description":"The severity code used by Instana API (5, 10, etc.) of the builtin event.","description_kind":"plain","computed":true},"short_plugin_id":{"type":"string","description":"The plugin id for which the builtin event is created.","description_kind":"plain","required":true},"triggering":{"type":"bool","description":"Indicates if an incident is triggered the builtin event or not.","description_kind":"plain","computed":true}},"description_kind":"plain"}}}}}}
