{"format_version":"0.2","provider_schemas":{"registry.terraform.io/get-bridge/spinnaker":{"provider":{"version":0,"block":{"attributes":{"address":{"type":"string","description":"Address of spinnaker api","description_kind":"plain","required":true},"cert_content":{"type":"string","description":"Cert string in base64 to authenticate with spinnaker api","description_kind":"plain","optional":true},"cert_path":{"type":"string","description":"Path to cert to authenticate with spinnaker api","description_kind":"plain","optional":true},"insecure":{"type":"bool","description":"If http client should skip ssl validation","description_kind":"plain","optional":true},"key_content":{"type":"string","description":"Key string in base64 to authenticate with spinnaker api","description_kind":"plain","optional":true},"key_path":{"type":"string","description":"Path to key to authenticate with spinnaker api","description_kind":"plain","optional":true},"user_email":{"type":"string","description":"Path to user_email to authenticate with spinnaker api","description_kind":"plain","optional":true}},"description_kind":"plain"}},"resource_schemas":{"spinnaker_application":{"version":0,"block":{"attributes":{"accounts":{"type":["list","string"],"description":"Accounts","description_kind":"plain","computed":true},"cloud_providers":{"type":["list","string"],"description":"Cloud Providers","description_kind":"plain","optional":true},"email":{"type":"string","description":"Email Address","description_kind":"plain","required":true},"enable_restart_running_executions":{"type":"bool","description":"Enable restarting running pipelines","description_kind":"plain","optional":true},"id":{"type":"string","description_kind":"plain","optional":true,"computed":true},"instance_port":{"type":"number","description_kind":"plain","optional":true},"name":{"type":"string","description":"Application Name","description_kind":"plain","required":true},"platform_health_only":{"type":"bool","description":"Consider only cloud provider health when executing tasks","description_kind":"plain","optional":true},"platform_health_only_show_override":{"type":"bool","description":"Show health override option for each operation","description_kind":"plain","optional":true},"repo_project_key":{"type":"string","description":"Repository project key","description_kind":"plain","optional":true},"repo_slug":{"type":"string","description":"Repository slug","description_kind":"plain","optional":true},"repo_type":{"type":"string","description":"Repository type","description_kind":"plain","optional":true}},"block_types":{"permissions":{"nesting_mode":"list","block":{"attributes":{"execute":{"type":["list","string"],"description_kind":"plain","optional":true},"read":{"type":["list","string"],"description_kind":"plain","optional":true},"write":{"type":["list","string"],"description_kind":"plain","optional":true}},"description_kind":"plain"},"max_items":1},"provider_settings":{"nesting_mode":"list","block":{"block_types":{"aws":{"nesting_mode":"list","block":{"attributes":{"use_ami_block_device_mappings":{"type":"bool","description":"Prefer AMI Block Device Mappings","description_kind":"plain","optional":true}},"description_kind":"plain"},"max_items":1}},"description_kind":"plain"},"max_items":1}},"description_kind":"plain"}},"spinnaker_canary_config":{"version":0,"block":{"attributes":{"applications":{"type":["list","string"],"description":"Applications","description_kind":"plain","required":true},"config_version":{"type":"string","description":"Canary Config Version","description_kind":"plain","optional":true},"description":{"type":"string","description":"Canary Config Description","description_kind":"plain","optional":true},"id":{"type":"string","description_kind":"plain","optional":true,"computed":true},"name":{"type":"string","description":"Canary Config Name","description_kind":"plain","required":true}},"block_types":{"classifier":{"nesting_mode":"list","block":{"attributes":{"group_weights":{"type":["map","string"],"description_kind":"plain","required":true}},"description_kind":"plain"},"min_items":1,"max_items":1},"judge":{"nesting_mode":"list","block":{"attributes":{"name":{"type":"string","description_kind":"plain","required":true}},"description_kind":"plain"},"min_items":1,"max_items":1},"metric":{"nesting_mode":"list","block":{"attributes":{"groups":{"type":["list","string"],"description_kind":"plain","required":true},"name":{"type":"string","description_kind":"plain","required":true},"scope_name":{"type":"string","description_kind":"plain","optional":true}},"block_types":{"query":{"nesting_mode":"list","block":{"attributes":{"metric_name":{"type":"string","description_kind":"plain","required":true},"service_type":{"type":"string","description_kind":"plain","required":true},"type":{"type":"string","description_kind":"plain","required":true}},"description_kind":"plain"},"min_items":1,"max_items":1}},"description_kind":"plain"},"min_items":1}},"description_kind":"plain"}},"spinnaker_pipeline":{"version":0,"block":{"attributes":{"application":{"type":"string","description":"Name of the application where the pipeline lives","description_kind":"plain","required":true},"disabled":{"type":"bool","description":"If the pipeline is disabled","description_kind":"plain","optional":true},"id":{"type":"string","description_kind":"plain","optional":true,"computed":true},"index":{"type":"number","description":"Index of the pipeline","description_kind":"plain","optional":true,"computed":true},"keep_waiting_pipelines":{"type":"bool","description":"Do not automatically cancel pipelines waiting in queue","description_kind":"plain","optional":true},"limit_concurrent":{"type":"bool","description":"Disable concurrent pipeline executions (only run one at a time)","description_kind":"plain","optional":true},"name":{"type":"string","description":"Name of the pipeline","description_kind":"plain","required":true},"roles":{"type":["list","string"],"description":"When the pipeline is triggered using an automated trigger, these roles will be used to decide if the pipeline has permissions to access a protected application or account.\n\nTo read from a protected application or account, the pipeline must have at least one role that has read access to the application or account.\nTo write to a protected application or account, the pipeline must have at least one role that has write access to the application or account.\nNote: To prevent privilege escalation vulnerabilities, a user must be a member of all of the groups specified here in order to modify, and execute the pipeline.","description_kind":"plain","optional":true},"service_account":{"type":"string","description":"Service account to run pipeline","description_kind":"plain","optional":true}},"block_types":{"locked":{"nesting_mode":"list","block":{"attributes":{"allow_unlock_ui":{"type":"bool","description":"Allow user to unlock ui to edit pipeline","description_kind":"plain","optional":true},"description":{"type":"string","description":"Description banner explaining why ui is locked","description_kind":"plain","optional":true},"ui":{"type":"bool","description":"Lock user to edit pipeline over the spinnaker UI","description_kind":"plain","optional":true}},"description_kind":"plain"},"max_items":1}},"description_kind":"plain"}},"spinnaker_pipeline_bake_manifest_stage":{"version":0,"block":{"attributes":{"complete_other_branches_then_fail":{"type":"bool","description":"halt this branch and fail the pipeline once other branches complete. Prevents any stages that depend on this stage from running, but allows other branches of the pipeline to run. The pipeline will be marked as failed once complete.","description_kind":"plain","optional":true},"continue_pipeline":{"type":"bool","description":"If false, marks the stage as successful right away without waiting for the jenkins job to complete","description_kind":"plain","optional":true},"evaluate_override_expressions":{"type":"bool","description_kind":"plain","optional":true},"fail_on_failed_expressions":{"type":"bool","description":"The stage will be marked as failed if it contains any failed expressions","description_kind":"plain","optional":true},"fail_pipeline":{"type":"bool","description":"If the stage fails, immediately halt execution of all running stages and fails the entire execution","description_kind":"plain","optional":true},"id":{"type":"string","description_kind":"plain","optional":true,"computed":true},"kustomize_file_path":{"type":"string","description":"Path to kustomization file (if using kustomize engine)","description_kind":"plain","optional":true},"name":{"type":"string","description":"Name of the stage","description_kind":"plain","required":true},"namespace":{"type":"string","description_kind":"plain","optional":true},"output_name":{"type":"string","description_kind":"plain","optional":true},"override_timeout":{"type":"bool","description":"[Deprecated, use stage_timeout_ms] Allows you to override the amount of time the stage can run before failing.\nNote: this represents the overall time the stage has to complete (the sum of all the task times).","description_kind":"plain","optional":true},"overrides":{"type":["map","string"],"description_kind":"plain","optional":true},"pipeline":{"type":"string","description":"Id of the pipeline","description_kind":"plain","required":true},"raw_overrides":{"type":"bool","description_kind":"plain","optional":true},"required_artifact_ids":{"type":["list","string"],"description":"These artifacts must be present in the context for this stage to successfully complete. Artifacts specified will be bound to the deployed manifest.","description_kind":"plain","optional":true},"requisite_stage_ref_ids":{"type":["list","string"],"description":"Stage(s) that must be complete before this one","description_kind":"plain","optional":true},"restrict_execution_during_time_window":{"type":"bool","description":"Restrict execution to specific time windows","description_kind":"plain","optional":true},"stage_timeout_ms":{"type":"number","description":"Allows you to declare the amount of time the stage can run before failing, if override timeout is enabled.\nNote: this represents the overall time the stage has to complete (the sum of all the task times).","description_kind":"plain","optional":true},"template_renderer":{"type":"string","description_kind":"plain","required":true}},"block_types":{"expected_artifact":{"nesting_mode":"list","block":{"attributes":{"display_name":{"type":"string","description":"Name to display","description_kind":"plain","required":true},"id":{"type":"string","description":"ID of the artifact","description_kind":"plain","computed":true},"use_default_artifact":{"type":"bool","description":"Use default artifact if missing","description_kind":"plain","optional":true},"use_prior_artifact":{"type":"bool","description":"Use prior artifact if missing","description_kind":"plain","optional":true}},"block_types":{"default_artifact":{"nesting_mode":"list","block":{"attributes":{"artifact_account":{"type":"string","description":"Account of artifact","description_kind":"plain","optional":true},"custom_kind":{"type":"bool","description":"Artifact is custom kind","description_kind":"plain","optional":true},"id":{"type":"string","description_kind":"plain","computed":true},"location":{"type":"string","description_kind":"plain","optional":true},"metadata":{"type":["map","string"],"description":"Metadata","description_kind":"plain","optional":true},"name":{"type":"string","description_kind":"plain","optional":true},"reference":{"type":"string","description_kind":"plain","optional":true},"type":{"type":"string","description_kind":"plain","optional":true},"version":{"type":"string","description_kind":"plain","optional":true}},"description_kind":"plain"},"max_items":1},"match_artifact":{"nesting_mode":"list","block":{"attributes":{"artifact_account":{"type":"string","description":"Account of artifact","description_kind":"plain","optional":true},"custom_kind":{"type":"bool","description":"Artifact is custom kind","description_kind":"plain","optional":true},"id":{"type":"string","description_kind":"plain","computed":true},"location":{"type":"string","description_kind":"plain","optional":true},"metadata":{"type":["map","string"],"description":"Metadata","description_kind":"plain","optional":true},"name":{"type":"string","description_kind":"plain","optional":true},"reference":{"type":"string","description_kind":"plain","optional":true},"type":{"type":"string","description_kind":"plain","optional":true},"version":{"type":"string","description_kind":"plain","optional":true}},"description_kind":"plain"},"min_items":1,"max_items":1}},"description_kind":"plain"}},"input_artifact":{"nesting_mode":"list","block":{"attributes":{"account":{"type":"string","description_kind":"plain","optional":true},"id":{"type":"string","description_kind":"plain","computed":true}},"block_types":{"artifact":{"nesting_mode":"list","block":{"attributes":{"artifact_account":{"type":"string","description":"Account of artifact","description_kind":"plain","optional":true},"custom_kind":{"type":"bool","description":"Artifact is custom kind","description_kind":"plain","optional":true},"id":{"type":"string","description_kind":"plain","computed":true},"location":{"type":"string","description_kind":"plain","optional":true},"metadata":{"type":["map","string"],"description":"Metadata","description_kind":"plain","optional":true},"name":{"type":"string","description_kind":"plain","optional":true},"reference":{"type":"string","description_kind":"plain","optional":true},"type":{"type":"string","description_kind":"plain","optional":true},"version":{"type":"string","description_kind":"plain","optional":true}},"description_kind":"plain"},"max_items":1}},"description_kind":"plain"}},"notification":{"nesting_mode":"list","block":{"attributes":{"address":{"type":"string","description":"Address of the notification (slack channel, email, etc)","description_kind":"plain","required":true},"type":{"type":"string","description":"Type of notification (slack, email, etc)","description_kind":"plain","required":true}},"block_types":{"message":{"nesting_mode":"list","block":{"attributes":{"complete":{"type":"string","description_kind":"plain","optional":true},"failed":{"type":"string","description_kind":"plain","optional":true},"starting":{"type":"string","description_kind":"plain","optional":true}},"description_kind":"plain"},"max_items":1},"when":{"nesting_mode":"list","block":{"attributes":{"complete":{"type":"bool","description_kind":"plain","optional":true},"failed":{"type":"bool","description_kind":"plain","optional":true},"starting":{"type":"bool","description_kind":"plain","optional":true}},"description_kind":"plain"},"min_items":1,"max_items":1}},"description_kind":"plain"}},"restricted_execution_window":{"nesting_mode":"list","block":{"attributes":{"days":{"type":["list","number"],"description_kind":"plain","optional":true}},"block_types":{"jitter":{"nesting_mode":"list","block":{"attributes":{"enabled":{"type":"bool","description_kind":"plain","optional":true},"max_delay":{"type":"number","description_kind":"plain","optional":true},"min_delay":{"type":"number","description_kind":"plain","optional":true},"skip_manual":{"type":"bool","description_kind":"plain","optional":true}},"description_kind":"plain"},"max_items":1},"whitelist":{"nesting_mode":"list","block":{"attributes":{"end_hour":{"type":"number","description_kind":"plain","optional":true},"end_min":{"type":"number","description_kind":"plain","optional":true},"start_hour":{"type":"number","description_kind":"plain","optional":true},"start_min":{"type":"number","description_kind":"plain","optional":true}},"description_kind":"plain"}}},"description_kind":"plain"},"max_items":1},"stage_enabled":{"nesting_mode":"list","block":{"attributes":{"expression":{"type":"string","description_kind":"plain","optional":true},"type":{"type":"string","description_kind":"plain","optional":true}},"description_kind":"plain"},"max_items":1}},"description_kind":"plain"}},"spinnaker_pipeline_bake_stage":{"version":0,"block":{"attributes":{"ami_name":{"type":"string","description":"Name of the ami output. Default = $package-$arch-$ami_suffix-$store_type","description_kind":"plain","optional":true},"ami_suffix":{"type":"string","description":"Suffix of the ami output. String of date in format YYYYMMDDHHmm, default is calculated from timestamp","description_kind":"plain","optional":true},"base_ami":{"type":"string","description":"Label of the base ami to use. If Base AMI is specified, this will be used instead of the Base OS provided","description_kind":"plain","optional":true},"base_label":{"type":"string","description":"Label for the base ami (release)","description_kind":"plain","optional":true},"base_name":{"type":"string","description":"Name of the base ami to use","description_kind":"plain","optional":true},"base_os":{"type":"string","description":"Base OS to use (trusty)","description_kind":"plain","optional":true},"cloud_provider_type":{"type":"string","description":"Cloud provider to use (aws)","description_kind":"plain","optional":true},"complete_other_branches_then_fail":{"type":"bool","description":"halt this branch and fail the pipeline once other branches complete. Prevents any stages that depend on this stage from running, but allows other branches of the pipeline to run. The pipeline will be marked as failed once complete.","description_kind":"plain","optional":true},"continue_pipeline":{"type":"bool","description":"If false, marks the stage as successful right away without waiting for the jenkins job to complete","description_kind":"plain","optional":true},"extended_attributes":{"type":["map","string"],"description":"Extra attributes to give the packer template","description_kind":"plain","optional":true},"fail_on_failed_expressions":{"type":"bool","description":"The stage will be marked as failed if it contains any failed expressions","description_kind":"plain","optional":true},"fail_pipeline":{"type":"bool","description":"If the stage fails, immediately halt execution of all running stages and fails the entire execution","description_kind":"plain","optional":true},"id":{"type":"string","description_kind":"plain","optional":true,"computed":true},"name":{"type":"string","description":"Name of the stage","description_kind":"plain","required":true},"override_timeout":{"type":"bool","description":"[Deprecated, use stage_timeout_ms] Allows you to override the amount of time the stage can run before failing.\nNote: this represents the overall time the stage has to complete (the sum of all the task times).","description_kind":"plain","optional":true},"package":{"type":"string","description":"The name of the package you want installed (without any version identifiers).\nIf your build produces a deb file named \"myapp_1.27-h343\", you would want to enter \"myapp\" here.\nIf there are multiple packages (space separated), then they will be installed in the order they are entered.","description_kind":"plain","optional":true},"pipeline":{"type":"string","description":"Id of the pipeline","description_kind":"plain","required":true},"rebake":{"type":"bool","description":"Rebake image without regard to the status of any existing bake","description_kind":"plain","optional":true},"regions":{"type":["list","string"],"description":"regions to create the ami (us-east-1)","description_kind":"plain","optional":true},"required_artifact_ids":{"type":["list","string"],"description":"These artifacts must be present in the context for this stage to successfully complete. Artifacts specified will be bound to the deployed manifest.","description_kind":"plain","optional":true},"requisite_stage_ref_ids":{"type":["list","string"],"description":"Stage(s) that must be complete before this one","description_kind":"plain","optional":true},"restrict_execution_during_time_window":{"type":"bool","description":"Restrict execution to specific time windows","description_kind":"plain","optional":true},"stage_timeout_ms":{"type":"number","description":"Allows you to declare the amount of time the stage can run before failing, if override timeout is enabled.\nNote: this represents the overall time the stage has to complete (the sum of all the task times).","description_kind":"plain","optional":true},"store_type":{"type":"string","description":"Data store type to use when creating instances (ebs)","description_kind":"plain","optional":true},"template_file_name":{"type":"string","description":"Name of custom template to use","description_kind":"plain","optional":true},"var_file_name":{"type":"string","description":"[Bakery] The name of a json file containing key/value pairs to add to the packer command","description_kind":"plain","optional":true},"vm_type":{"type":"string","description":"Type of VM to use (hvm, pv)","description_kind":"plain","optional":true}},"block_types":{"expected_artifact":{"nesting_mode":"list","block":{"attributes":{"display_name":{"type":"string","description":"Name to display","description_kind":"plain","required":true},"id":{"type":"string","description":"ID of the artifact","description_kind":"plain","computed":true},"use_default_artifact":{"type":"bool","description":"Use default artifact if missing","description_kind":"plain","optional":true},"use_prior_artifact":{"type":"bool","description":"Use prior artifact if missing","description_kind":"plain","optional":true}},"block_types":{"default_artifact":{"nesting_mode":"list","block":{"attributes":{"artifact_account":{"type":"string","description":"Account of artifact","description_kind":"plain","optional":true},"custom_kind":{"type":"bool","description":"Artifact is custom kind","description_kind":"plain","optional":true},"id":{"type":"string","description_kind":"plain","computed":true},"location":{"type":"string","description_kind":"plain","optional":true},"metadata":{"type":["map","string"],"description":"Metadata","description_kind":"plain","optional":true},"name":{"type":"string","description_kind":"plain","optional":true},"reference":{"type":"string","description_kind":"plain","optional":true},"type":{"type":"string","description_kind":"plain","optional":true},"version":{"type":"string","description_kind":"plain","optional":true}},"description_kind":"plain"},"max_items":1},"match_artifact":{"nesting_mode":"list","block":{"attributes":{"artifact_account":{"type":"string","description":"Account of artifact","description_kind":"plain","optional":true},"custom_kind":{"type":"bool","description":"Artifact is custom kind","description_kind":"plain","optional":true},"id":{"type":"string","description_kind":"plain","computed":true},"location":{"type":"string","description_kind":"plain","optional":true},"metadata":{"type":["map","string"],"description":"Metadata","description_kind":"plain","optional":true},"name":{"type":"string","description_kind":"plain","optional":true},"reference":{"type":"string","description_kind":"plain","optional":true},"type":{"type":"string","description_kind":"plain","optional":true},"version":{"type":"string","description_kind":"plain","optional":true}},"description_kind":"plain"},"min_items":1,"max_items":1}},"description_kind":"plain"}},"notification":{"nesting_mode":"list","block":{"attributes":{"address":{"type":"string","description":"Address of the notification (slack channel, email, etc)","description_kind":"plain","required":true},"type":{"type":"string","description":"Type of notification (slack, email, etc)","description_kind":"plain","required":true}},"block_types":{"message":{"nesting_mode":"list","block":{"attributes":{"complete":{"type":"string","description_kind":"plain","optional":true},"failed":{"type":"string","description_kind":"plain","optional":true},"starting":{"type":"string","description_kind":"plain","optional":true}},"description_kind":"plain"},"max_items":1},"when":{"nesting_mode":"list","block":{"attributes":{"complete":{"type":"bool","description_kind":"plain","optional":true},"failed":{"type":"bool","description_kind":"plain","optional":true},"starting":{"type":"bool","description_kind":"plain","optional":true}},"description_kind":"plain"},"min_items":1,"max_items":1}},"description_kind":"plain"}},"restricted_execution_window":{"nesting_mode":"list","block":{"attributes":{"days":{"type":["list","number"],"description_kind":"plain","optional":true}},"block_types":{"jitter":{"nesting_mode":"list","block":{"attributes":{"enabled":{"type":"bool","description_kind":"plain","optional":true},"max_delay":{"type":"number","description_kind":"plain","optional":true},"min_delay":{"type":"number","description_kind":"plain","optional":true},"skip_manual":{"type":"bool","description_kind":"plain","optional":true}},"description_kind":"plain"},"max_items":1},"whitelist":{"nesting_mode":"list","block":{"attributes":{"end_hour":{"type":"number","description_kind":"plain","optional":true},"end_min":{"type":"number","description_kind":"plain","optional":true},"start_hour":{"type":"number","description_kind":"plain","optional":true},"start_min":{"type":"number","description_kind":"plain","optional":true}},"description_kind":"plain"}}},"description_kind":"plain"},"max_items":1},"stage_enabled":{"nesting_mode":"list","block":{"attributes":{"expression":{"type":"string","description_kind":"plain","optional":true},"type":{"type":"string","description_kind":"plain","optional":true}},"description_kind":"plain"},"max_items":1}},"description_kind":"plain"}},"spinnaker_pipeline_canary_analysis_stage":{"version":0,"block":{"attributes":{"analysis_type":{"type":"string","description":"Real Time analysis will be performed over a time interval beginning at the moment of execution.Automatic: Spinnaker will provision and clean up the baseline and canary server groups. Not all cloud providers support this mode.Manual: You are responsible for provisioning and cleaning up the baseline and canary server groups.Retrospective analysis will be performed over an explicitly-specified time interval (likely in the past). You are responsible for provisioning and cleaning up the baseline and canary server groups.","description_kind":"plain","required":true},"complete_other_branches_then_fail":{"type":"bool","description":"halt this branch and fail the pipeline once other branches complete. Prevents any stages that depend on this stage from running, but allows other branches of the pipeline to run. The pipeline will be marked as failed once complete.","description_kind":"plain","optional":true},"continue_pipeline":{"type":"bool","description":"If false, marks the stage as successful right away without waiting for the jenkins job to complete","description_kind":"plain","optional":true},"fail_on_failed_expressions":{"type":"bool","description":"The stage will be marked as failed if it contains any failed expressions","description_kind":"plain","optional":true},"fail_pipeline":{"type":"bool","description":"If the stage fails, immediately halt execution of all running stages and fails the entire execution","description_kind":"plain","optional":true},"id":{"type":"string","description_kind":"plain","optional":true,"computed":true},"name":{"type":"string","description":"Name of the stage","description_kind":"plain","required":true},"override_timeout":{"type":"bool","description":"[Deprecated, use stage_timeout_ms] Allows you to override the amount of time the stage can run before failing.\nNote: this represents the overall time the stage has to complete (the sum of all the task times).","description_kind":"plain","optional":true},"pipeline":{"type":"string","description":"Id of the pipeline","description_kind":"plain","required":true},"required_artifact_ids":{"type":["list","string"],"description":"These artifacts must be present in the context for this stage to successfully complete. Artifacts specified will be bound to the deployed manifest.","description_kind":"plain","optional":true},"requisite_stage_ref_ids":{"type":["list","string"],"description":"Stage(s) that must be complete before this one","description_kind":"plain","optional":true},"restrict_execution_during_time_window":{"type":"bool","description":"Restrict execution to specific time windows","description_kind":"plain","optional":true},"stage_timeout_ms":{"type":"number","description":"Allows you to declare the amount of time the stage can run before failing, if override timeout is enabled.\nNote: this represents the overall time the stage has to complete (the sum of all the task times).","description_kind":"plain","optional":true}},"block_types":{"canary_config":{"nesting_mode":"list","block":{"attributes":{"canary_analysis_interval_mins":{"type":"string","description":"The frequency at which a canary score is generated. The recommended interval is at least 30 minutes.If an interval is not specified, or the specified interval is larger than the overall time range, there will be one canary run over the full time range.","description_kind":"plain","optional":true},"canary_config_id":{"type":"string","description":"Id of the canary config.","description_kind":"plain","required":true},"lifetime_duration":{"type":"string","description":"The total time for which data will be collected and analyzed during this stage.Example: 'PT1H5M' means 1 hour 5 minutes","description_kind":"plain","required":true},"metrics_account_name":{"type":"string","description":"The name of the metrics account configured in spinnaker.","description_kind":"plain","required":true},"storage_account_name":{"type":"string","description":"The name of the storage account configured in spinnaker.","description_kind":"plain","required":true}},"block_types":{"scope":{"nesting_mode":"list","block":{"attributes":{"control_location":{"type":"string","description_kind":"plain","optional":true},"control_scope":{"type":"string","description_kind":"plain","optional":true},"experiment_location":{"type":"string","description_kind":"plain","optional":true},"experiment_scope":{"type":"string","description_kind":"plain","optional":true},"extended_scope_params":{"type":["map","string"],"description":"Metric source specific parameters which may be used to further alter the canary scope.Also used to provide variable bindings for use in the expansion of custom filter templates within the canary config.","description_kind":"plain","optional":true},"scope_name":{"type":"string","description_kind":"plain","optional":true},"step":{"type":"number","description_kind":"plain","optional":true}},"description_kind":"plain"}},"score_thresholds":{"nesting_mode":"list","block":{"attributes":{"marginal":{"type":"string","description":"A canary stage can include multiple canary runs.If a given canary run score is less than or equal to the marginal threshold, the canary stage will fail immediately.If the canary run score is greater than the marginal threshold, the canary stage will not fail and will execute the remaining downstream canary runs.","description_kind":"plain","required":true},"pass":{"type":"string","description":"When all canary runs in a stage have executed, a canary stage is considered a success if the final (that is, the latest) canary run score is greater than or equal to the pass threshold. Otherwise, it is a failure.","description_kind":"plain","required":true}},"description_kind":"plain"},"min_items":1,"max_items":1}},"description_kind":"plain"},"min_items":1,"max_items":1},"deployments":{"nesting_mode":"list","block":{"block_types":{"baseline":{"nesting_mode":"list","block":{"attributes":{"account":{"type":["map","string"],"description_kind":"plain","required":true},"application":{"type":"string","description_kind":"plain","required":true},"cloud_provider":{"type":"string","description_kind":"plain","required":true},"cluster":{"type":"string","description_kind":"plain","required":true}},"description_kind":"plain"},"min_items":1,"max_items":1},"server_group_pair":{"nesting_mode":"list","block":{"block_types":{"control":{"nesting_mode":"list","block":{"attributes":{"account":{"type":["map","string"],"description_kind":"plain","required":true},"application":{"type":"string","description_kind":"plain","required":true},"cloud_provider":{"type":"string","description_kind":"plain","required":true},"cooldown":{"type":"number","description_kind":"plain","optional":true},"copy_source_custom_block_device_mappings":{"type":"bool","description_kind":"plain","optional":true},"credentials":{"type":"string","description_kind":"plain","optional":true},"ebs_optimized":{"type":"bool","description_kind":"plain","optional":true},"enabled_metrics":{"type":["list","string"],"description":"Metrics to be enabled for cluster","description_kind":"plain","optional":true},"free_form_details":{"type":"string","description":"Detail is a string of free-form alphanumeric characters and hyphens to describe any other variables.","description_kind":"plain","optional":true},"health_check_grace_period":{"type":"string","description":"Health check grace period for cluster","description_kind":"plain","optional":true},"health_check_type":{"type":"string","description":"Type of health check for cluster (ELB, EC2)","description_kind":"plain","required":true},"iam_role":{"type":"string","description":"IAM instance profile","description_kind":"plain","optional":true},"instance_monitoring":{"type":"bool","description":"Instance Monitoring whether to enable detailed monitoring of instances. Group metrics must be disabled to update an ASG with Instance Monitoring set to false.","description_kind":"plain","optional":true},"instance_type":{"type":"string","description":"Instance Type for cluster","description_kind":"plain","required":true},"key_pair":{"type":"string","description":"Key pair name for cluster","description_kind":"plain","required":true},"load_balancers":{"type":["list","string"],"description":"Load balancer to attach to cluster","description_kind":"plain","optional":true},"security_groups":{"type":["list","string"],"description":"Security Groups to attach to cluster","description_kind":"plain","optional":true},"spel_load_balancers":{"type":["list","string"],"description":"spel load balancers to attach to cluster","description_kind":"plain","optional":true},"spel_target_groups":{"type":["list","string"],"description":"spel target groups to attach to cluster","description_kind":"plain","optional":true},"stack":{"type":"string","description":"stack name for cluster","description_kind":"plain","optional":true},"strategy":{"type":"string","description":"strategy for deploy (redblack, etc)","description_kind":"plain","required":true},"subnet_type":{"type":"string","description":"subnet to deploy cluster","description_kind":"plain","required":true},"suspended_processes":{"type":["list","string"],"description_kind":"plain","optional":true},"tags":{"type":["map","string"],"description":"tags to put on cluster","description_kind":"plain","optional":true},"target_groups":{"type":["list","string"],"description":"target groups to attach to cluster","description_kind":"plain","optional":true},"target_healthy_deploy_percentage":{"type":"number","description":"Consider deployment successful when percent of instances are healthy","description_kind":"plain","optional":true},"termination_policies":{"type":["list","string"],"description":"Termination policy names for cluster","description_kind":"plain","optional":true},"use_ami_block_device_mappings":{"type":"bool","description":"Use the block device mappings from the selected AMI when deploying a new server group","description_kind":"plain","optional":true},"use_source_capacity":{"type":"bool","description":"Spinnaker will use the current capacity of the existing server group when deploying a new server group.\nThis setting is intended to support a server group with auto-scaling enabled, where the bounds and desired capacity are controlled by an external process.\nIn the event that there is no existing server group, the deploy will fail.","description_kind":"plain","optional":true}},"block_types":{"availability_zones":{"nesting_mode":"list","block":{"attributes":{"ap_northeast_1":{"type":["list","string"],"description_kind":"plain","optional":true},"ap_northeast_2":{"type":["list","string"],"description_kind":"plain","optional":true},"ap_northeast_3":{"type":["list","string"],"description_kind":"plain","optional":true},"ap_south_1":{"type":["list","string"],"description_kind":"plain","optional":true},"ap_southeast_1":{"type":["list","string"],"description_kind":"plain","optional":true},"ap_southeast_2":{"type":["list","string"],"description_kind":"plain","optional":true},"ca_central_1":{"type":["list","string"],"description_kind":"plain","optional":true},"cn_north_1":{"type":["list","string"],"description_kind":"plain","optional":true},"cn_northwest_1":{"type":["list","string"],"description_kind":"plain","optional":true},"eu_central_1":{"type":["list","string"],"description_kind":"plain","optional":true},"eu_north_1":{"type":["list","string"],"description_kind":"plain","optional":true},"eu_west_1":{"type":["list","string"],"description_kind":"plain","optional":true},"eu_west_2":{"type":["list","string"],"description_kind":"plain","optional":true},"eu_west_3":{"type":["list","string"],"description_kind":"plain","optional":true},"sa_east_1":{"type":["list","string"],"description_kind":"plain","optional":true},"us_east_1":{"type":["list","string"],"description_kind":"plain","optional":true},"us_east_2":{"type":["list","string"],"description_kind":"plain","optional":true},"us_gov_east_1":{"type":["list","string"],"description_kind":"plain","optional":true},"us_gov_west_1":{"type":["list","string"],"description_kind":"plain","optional":true},"us_west_1":{"type":["list","string"],"description_kind":"plain","optional":true},"us_west_2":{"type":["list","string"],"description_kind":"plain","optional":true}},"description_kind":"plain"},"min_items":1,"max_items":1},"capacity":{"nesting_mode":"list","block":{"attributes":{"desired":{"type":"string","description_kind":"plain","optional":true},"max":{"type":"string","description_kind":"plain","optional":true},"min":{"type":"string","description_kind":"plain","optional":true}},"description_kind":"plain"},"max_items":1}},"description_kind":"plain"},"min_items":1,"max_items":1},"experiment":{"nesting_mode":"list","block":{"attributes":{"account":{"type":["map","string"],"description_kind":"plain","required":true},"application":{"type":"string","description_kind":"plain","required":true},"cloud_provider":{"type":"string","description_kind":"plain","required":true},"cooldown":{"type":"number","description_kind":"plain","optional":true},"copy_source_custom_block_device_mappings":{"type":"bool","description_kind":"plain","optional":true},"credentials":{"type":"string","description_kind":"plain","optional":true},"ebs_optimized":{"type":"bool","description_kind":"plain","optional":true},"enabled_metrics":{"type":["list","string"],"description":"Metrics to be enabled for cluster","description_kind":"plain","optional":true},"free_form_details":{"type":"string","description":"Detail is a string of free-form alphanumeric characters and hyphens to describe any other variables.","description_kind":"plain","optional":true},"health_check_grace_period":{"type":"string","description":"Health check grace period for cluster","description_kind":"plain","optional":true},"health_check_type":{"type":"string","description":"Type of health check for cluster (ELB, EC2)","description_kind":"plain","required":true},"iam_role":{"type":"string","description":"IAM instance profile","description_kind":"plain","optional":true},"instance_monitoring":{"type":"bool","description":"Instance Monitoring whether to enable detailed monitoring of instances. Group metrics must be disabled to update an ASG with Instance Monitoring set to false.","description_kind":"plain","optional":true},"instance_type":{"type":"string","description":"Instance Type for cluster","description_kind":"plain","required":true},"key_pair":{"type":"string","description":"Key pair name for cluster","description_kind":"plain","required":true},"load_balancers":{"type":["list","string"],"description":"Load balancer to attach to cluster","description_kind":"plain","optional":true},"security_groups":{"type":["list","string"],"description":"Security Groups to attach to cluster","description_kind":"plain","optional":true},"spel_load_balancers":{"type":["list","string"],"description":"spel load balancers to attach to cluster","description_kind":"plain","optional":true},"spel_target_groups":{"type":["list","string"],"description":"spel target groups to attach to cluster","description_kind":"plain","optional":true},"stack":{"type":"string","description":"stack name for cluster","description_kind":"plain","optional":true},"strategy":{"type":"string","description":"strategy for deploy (redblack, etc)","description_kind":"plain","required":true},"subnet_type":{"type":"string","description":"subnet to deploy cluster","description_kind":"plain","required":true},"suspended_processes":{"type":["list","string"],"description_kind":"plain","optional":true},"tags":{"type":["map","string"],"description":"tags to put on cluster","description_kind":"plain","optional":true},"target_groups":{"type":["list","string"],"description":"target groups to attach to cluster","description_kind":"plain","optional":true},"target_healthy_deploy_percentage":{"type":"number","description":"Consider deployment successful when percent of instances are healthy","description_kind":"plain","optional":true},"termination_policies":{"type":["list","string"],"description":"Termination policy names for cluster","description_kind":"plain","optional":true},"use_ami_block_device_mappings":{"type":"bool","description":"Use the block device mappings from the selected AMI when deploying a new server group","description_kind":"plain","optional":true},"use_source_capacity":{"type":"bool","description":"Spinnaker will use the current capacity of the existing server group when deploying a new server group.\nThis setting is intended to support a server group with auto-scaling enabled, where the bounds and desired capacity are controlled by an external process.\nIn the event that there is no existing server group, the deploy will fail.","description_kind":"plain","optional":true}},"block_types":{"availability_zones":{"nesting_mode":"list","block":{"attributes":{"ap_northeast_1":{"type":["list","string"],"description_kind":"plain","optional":true},"ap_northeast_2":{"type":["list","string"],"description_kind":"plain","optional":true},"ap_northeast_3":{"type":["list","string"],"description_kind":"plain","optional":true},"ap_south_1":{"type":["list","string"],"description_kind":"plain","optional":true},"ap_southeast_1":{"type":["list","string"],"description_kind":"plain","optional":true},"ap_southeast_2":{"type":["list","string"],"description_kind":"plain","optional":true},"ca_central_1":{"type":["list","string"],"description_kind":"plain","optional":true},"cn_north_1":{"type":["list","string"],"description_kind":"plain","optional":true},"cn_northwest_1":{"type":["list","string"],"description_kind":"plain","optional":true},"eu_central_1":{"type":["list","string"],"description_kind":"plain","optional":true},"eu_north_1":{"type":["list","string"],"description_kind":"plain","optional":true},"eu_west_1":{"type":["list","string"],"description_kind":"plain","optional":true},"eu_west_2":{"type":["list","string"],"description_kind":"plain","optional":true},"eu_west_3":{"type":["list","string"],"description_kind":"plain","optional":true},"sa_east_1":{"type":["list","string"],"description_kind":"plain","optional":true},"us_east_1":{"type":["list","string"],"description_kind":"plain","optional":true},"us_east_2":{"type":["list","string"],"description_kind":"plain","optional":true},"us_gov_east_1":{"type":["list","string"],"description_kind":"plain","optional":true},"us_gov_west_1":{"type":["list","string"],"description_kind":"plain","optional":true},"us_west_1":{"type":["list","string"],"description_kind":"plain","optional":true},"us_west_2":{"type":["list","string"],"description_kind":"plain","optional":true}},"description_kind":"plain"},"min_items":1,"max_items":1},"capacity":{"nesting_mode":"list","block":{"attributes":{"desired":{"type":"string","description_kind":"plain","optional":true},"max":{"type":"string","description_kind":"plain","optional":true},"min":{"type":"string","description_kind":"plain","optional":true}},"description_kind":"plain"},"max_items":1}},"description_kind":"plain"},"min_items":1,"max_items":1}},"description_kind":"plain"},"min_items":1}},"description_kind":"plain"},"max_items":1},"expected_artifact":{"nesting_mode":"list","block":{"attributes":{"display_name":{"type":"string","description":"Name to display","description_kind":"plain","required":true},"id":{"type":"string","description":"ID of the artifact","description_kind":"plain","computed":true},"use_default_artifact":{"type":"bool","description":"Use default artifact if missing","description_kind":"plain","optional":true},"use_prior_artifact":{"type":"bool","description":"Use prior artifact if missing","description_kind":"plain","optional":true}},"block_types":{"default_artifact":{"nesting_mode":"list","block":{"attributes":{"artifact_account":{"type":"string","description":"Account of artifact","description_kind":"plain","optional":true},"custom_kind":{"type":"bool","description":"Artifact is custom kind","description_kind":"plain","optional":true},"id":{"type":"string","description_kind":"plain","computed":true},"location":{"type":"string","description_kind":"plain","optional":true},"metadata":{"type":["map","string"],"description":"Metadata","description_kind":"plain","optional":true},"name":{"type":"string","description_kind":"plain","optional":true},"reference":{"type":"string","description_kind":"plain","optional":true},"type":{"type":"string","description_kind":"plain","optional":true},"version":{"type":"string","description_kind":"plain","optional":true}},"description_kind":"plain"},"max_items":1},"match_artifact":{"nesting_mode":"list","block":{"attributes":{"artifact_account":{"type":"string","description":"Account of artifact","description_kind":"plain","optional":true},"custom_kind":{"type":"bool","description":"Artifact is custom kind","description_kind":"plain","optional":true},"id":{"type":"string","description_kind":"plain","computed":true},"location":{"type":"string","description_kind":"plain","optional":true},"metadata":{"type":["map","string"],"description":"Metadata","description_kind":"plain","optional":true},"name":{"type":"string","description_kind":"plain","optional":true},"reference":{"type":"string","description_kind":"plain","optional":true},"type":{"type":"string","description_kind":"plain","optional":true},"version":{"type":"string","description_kind":"plain","optional":true}},"description_kind":"plain"},"min_items":1,"max_items":1}},"description_kind":"plain"}},"notification":{"nesting_mode":"list","block":{"attributes":{"address":{"type":"string","description":"Address of the notification (slack channel, email, etc)","description_kind":"plain","required":true},"type":{"type":"string","description":"Type of notification (slack, email, etc)","description_kind":"plain","required":true}},"block_types":{"message":{"nesting_mode":"list","block":{"attributes":{"complete":{"type":"string","description_kind":"plain","optional":true},"failed":{"type":"string","description_kind":"plain","optional":true},"starting":{"type":"string","description_kind":"plain","optional":true}},"description_kind":"plain"},"max_items":1},"when":{"nesting_mode":"list","block":{"attributes":{"complete":{"type":"bool","description_kind":"plain","optional":true},"failed":{"type":"bool","description_kind":"plain","optional":true},"starting":{"type":"bool","description_kind":"plain","optional":true}},"description_kind":"plain"},"min_items":1,"max_items":1}},"description_kind":"plain"}},"restricted_execution_window":{"nesting_mode":"list","block":{"attributes":{"days":{"type":["list","number"],"description_kind":"plain","optional":true}},"block_types":{"jitter":{"nesting_mode":"list","block":{"attributes":{"enabled":{"type":"bool","description_kind":"plain","optional":true},"max_delay":{"type":"number","description_kind":"plain","optional":true},"min_delay":{"type":"number","description_kind":"plain","optional":true},"skip_manual":{"type":"bool","description_kind":"plain","optional":true}},"description_kind":"plain"},"max_items":1},"whitelist":{"nesting_mode":"list","block":{"attributes":{"end_hour":{"type":"number","description_kind":"plain","optional":true},"end_min":{"type":"number","description_kind":"plain","optional":true},"start_hour":{"type":"number","description_kind":"plain","optional":true},"start_min":{"type":"number","description_kind":"plain","optional":true}},"description_kind":"plain"}}},"description_kind":"plain"},"max_items":1},"stage_enabled":{"nesting_mode":"list","block":{"attributes":{"expression":{"type":"string","description_kind":"plain","optional":true},"type":{"type":"string","description_kind":"plain","optional":true}},"description_kind":"plain"},"max_items":1}},"description_kind":"plain"}},"spinnaker_pipeline_check_preconditions_stage":{"version":0,"block":{"attributes":{"complete_other_branches_then_fail":{"type":"bool","description":"halt this branch and fail the pipeline once other branches complete. Prevents any stages that depend on this stage from running, but allows other branches of the pipeline to run. The pipeline will be marked as failed once complete.","description_kind":"plain","optional":true},"continue_pipeline":{"type":"bool","description":"If false, marks the stage as successful right away without waiting for the jenkins job to complete","description_kind":"plain","optional":true},"fail_on_failed_expressions":{"type":"bool","description":"The stage will be marked as failed if it contains any failed expressions","description_kind":"plain","optional":true},"fail_pipeline":{"type":"bool","description":"If the stage fails, immediately halt execution of all running stages and fails the entire execution","description_kind":"plain","optional":true},"id":{"type":"string","description_kind":"plain","optional":true,"computed":true},"name":{"type":"string","description":"Name of the stage","description_kind":"plain","required":true},"override_timeout":{"type":"bool","description":"[Deprecated, use stage_timeout_ms] Allows you to override the amount of time the stage can run before failing.\nNote: this represents the overall time the stage has to complete (the sum of all the task times).","description_kind":"plain","optional":true},"pipeline":{"type":"string","description":"Id of the pipeline","description_kind":"plain","required":true},"required_artifact_ids":{"type":["list","string"],"description":"These artifacts must be present in the context for this stage to successfully complete. Artifacts specified will be bound to the deployed manifest.","description_kind":"plain","optional":true},"requisite_stage_ref_ids":{"type":["list","string"],"description":"Stage(s) that must be complete before this one","description_kind":"plain","optional":true},"restrict_execution_during_time_window":{"type":"bool","description":"Restrict execution to specific time windows","description_kind":"plain","optional":true},"stage_timeout_ms":{"type":"number","description":"Allows you to declare the amount of time the stage can run before failing, if override timeout is enabled.\nNote: this represents the overall time the stage has to complete (the sum of all the task times).","description_kind":"plain","optional":true}},"block_types":{"expected_artifact":{"nesting_mode":"list","block":{"attributes":{"display_name":{"type":"string","description":"Name to display","description_kind":"plain","required":true},"id":{"type":"string","description":"ID of the artifact","description_kind":"plain","computed":true},"use_default_artifact":{"type":"bool","description":"Use default artifact if missing","description_kind":"plain","optional":true},"use_prior_artifact":{"type":"bool","description":"Use prior artifact if missing","description_kind":"plain","optional":true}},"block_types":{"default_artifact":{"nesting_mode":"list","block":{"attributes":{"artifact_account":{"type":"string","description":"Account of artifact","description_kind":"plain","optional":true},"custom_kind":{"type":"bool","description":"Artifact is custom kind","description_kind":"plain","optional":true},"id":{"type":"string","description_kind":"plain","computed":true},"location":{"type":"string","description_kind":"plain","optional":true},"metadata":{"type":["map","string"],"description":"Metadata","description_kind":"plain","optional":true},"name":{"type":"string","description_kind":"plain","optional":true},"reference":{"type":"string","description_kind":"plain","optional":true},"type":{"type":"string","description_kind":"plain","optional":true},"version":{"type":"string","description_kind":"plain","optional":true}},"description_kind":"plain"},"max_items":1},"match_artifact":{"nesting_mode":"list","block":{"attributes":{"artifact_account":{"type":"string","description":"Account of artifact","description_kind":"plain","optional":true},"custom_kind":{"type":"bool","description":"Artifact is custom kind","description_kind":"plain","optional":true},"id":{"type":"string","description_kind":"plain","computed":true},"location":{"type":"string","description_kind":"plain","optional":true},"metadata":{"type":["map","string"],"description":"Metadata","description_kind":"plain","optional":true},"name":{"type":"string","description_kind":"plain","optional":true},"reference":{"type":"string","description_kind":"plain","optional":true},"type":{"type":"string","description_kind":"plain","optional":true},"version":{"type":"string","description_kind":"plain","optional":true}},"description_kind":"plain"},"min_items":1,"max_items":1}},"description_kind":"plain"}},"notification":{"nesting_mode":"list","block":{"attributes":{"address":{"type":"string","description":"Address of the notification (slack channel, email, etc)","description_kind":"plain","required":true},"type":{"type":"string","description":"Type of notification (slack, email, etc)","description_kind":"plain","required":true}},"block_types":{"message":{"nesting_mode":"list","block":{"attributes":{"complete":{"type":"string","description_kind":"plain","optional":true},"failed":{"type":"string","description_kind":"plain","optional":true},"starting":{"type":"string","description_kind":"plain","optional":true}},"description_kind":"plain"},"max_items":1},"when":{"nesting_mode":"list","block":{"attributes":{"complete":{"type":"bool","description_kind":"plain","optional":true},"failed":{"type":"bool","description_kind":"plain","optional":true},"starting":{"type":"bool","description_kind":"plain","optional":true}},"description_kind":"plain"},"min_items":1,"max_items":1}},"description_kind":"plain"}},"precondition":{"nesting_mode":"list","block":{"attributes":{"context":{"type":["map","string"],"description":"Map to describe precondition","description_kind":"plain","required":true},"fail_pipeline":{"type":"bool","description":"The pipeline will fail whenever this precondition is false","description_kind":"plain","optional":true},"type":{"type":"string","description":"The type of precondition. (expression, stageStatus, etc)","description_kind":"plain","required":true}},"description_kind":"plain"},"min_items":1},"restricted_execution_window":{"nesting_mode":"list","block":{"attributes":{"days":{"type":["list","number"],"description_kind":"plain","optional":true}},"block_types":{"jitter":{"nesting_mode":"list","block":{"attributes":{"enabled":{"type":"bool","description_kind":"plain","optional":true},"max_delay":{"type":"number","description_kind":"plain","optional":true},"min_delay":{"type":"number","description_kind":"plain","optional":true},"skip_manual":{"type":"bool","description_kind":"plain","optional":true}},"description_kind":"plain"},"max_items":1},"whitelist":{"nesting_mode":"list","block":{"attributes":{"end_hour":{"type":"number","description_kind":"plain","optional":true},"end_min":{"type":"number","description_kind":"plain","optional":true},"start_hour":{"type":"number","description_kind":"plain","optional":true},"start_min":{"type":"number","description_kind":"plain","optional":true}},"description_kind":"plain"}}},"description_kind":"plain"},"max_items":1},"stage_enabled":{"nesting_mode":"list","block":{"attributes":{"expression":{"type":"string","description_kind":"plain","optional":true},"type":{"type":"string","description_kind":"plain","optional":true}},"description_kind":"plain"},"max_items":1}},"description_kind":"plain"}},"spinnaker_pipeline_delete_manifest_stage":{"version":0,"block":{"attributes":{"account":{"type":"string","description":"The account name","description_kind":"plain","required":true},"app":{"type":"string","description":"The application name","description_kind":"plain","required":true},"cloud_provider":{"type":"string","description":"The cloud provider name","description_kind":"plain","required":true},"complete_other_branches_then_fail":{"type":"bool","description":"halt this branch and fail the pipeline once other branches complete. Prevents any stages that depend on this stage from running, but allows other branches of the pipeline to run. The pipeline will be marked as failed once complete.","description_kind":"plain","optional":true},"continue_pipeline":{"type":"bool","description":"If false, marks the stage as successful right away without waiting for the jenkins job to complete","description_kind":"plain","optional":true},"fail_on_failed_expressions":{"type":"bool","description":"The stage will be marked as failed if it contains any failed expressions","description_kind":"plain","optional":true},"fail_pipeline":{"type":"bool","description":"If the stage fails, immediately halt execution of all running stages and fails the entire execution","description_kind":"plain","optional":true},"id":{"type":"string","description_kind":"plain","optional":true,"computed":true},"location":{"type":"string","description":"The location name","description_kind":"plain","required":true},"manifest_name":{"type":"string","description":"The manifest name","description_kind":"plain","required":true},"mode":{"type":"string","description":"The mode name","description_kind":"plain","required":true},"name":{"type":"string","description":"Name of the stage","description_kind":"plain","required":true},"override_timeout":{"type":"bool","description":"[Deprecated, use stage_timeout_ms] Allows you to override the amount of time the stage can run before failing.\nNote: this represents the overall time the stage has to complete (the sum of all the task times).","description_kind":"plain","optional":true},"pipeline":{"type":"string","description":"Id of the pipeline","description_kind":"plain","required":true},"required_artifact_ids":{"type":["list","string"],"description":"These artifacts must be present in the context for this stage to successfully complete. Artifacts specified will be bound to the deployed manifest.","description_kind":"plain","optional":true},"requisite_stage_ref_ids":{"type":["list","string"],"description":"Stage(s) that must be complete before this one","description_kind":"plain","optional":true},"restrict_execution_during_time_window":{"type":"bool","description":"Restrict execution to specific time windows","description_kind":"plain","optional":true},"stage_timeout_ms":{"type":"number","description":"Allows you to declare the amount of time the stage can run before failing, if override timeout is enabled.\nNote: this represents the overall time the stage has to complete (the sum of all the task times).","description_kind":"plain","optional":true}},"block_types":{"expected_artifact":{"nesting_mode":"list","block":{"attributes":{"display_name":{"type":"string","description":"Name to display","description_kind":"plain","required":true},"id":{"type":"string","description":"ID of the artifact","description_kind":"plain","computed":true},"use_default_artifact":{"type":"bool","description":"Use default artifact if missing","description_kind":"plain","optional":true},"use_prior_artifact":{"type":"bool","description":"Use prior artifact if missing","description_kind":"plain","optional":true}},"block_types":{"default_artifact":{"nesting_mode":"list","block":{"attributes":{"artifact_account":{"type":"string","description":"Account of artifact","description_kind":"plain","optional":true},"custom_kind":{"type":"bool","description":"Artifact is custom kind","description_kind":"plain","optional":true},"id":{"type":"string","description_kind":"plain","computed":true},"location":{"type":"string","description_kind":"plain","optional":true},"metadata":{"type":["map","string"],"description":"Metadata","description_kind":"plain","optional":true},"name":{"type":"string","description_kind":"plain","optional":true},"reference":{"type":"string","description_kind":"plain","optional":true},"type":{"type":"string","description_kind":"plain","optional":true},"version":{"type":"string","description_kind":"plain","optional":true}},"description_kind":"plain"},"max_items":1},"match_artifact":{"nesting_mode":"list","block":{"attributes":{"artifact_account":{"type":"string","description":"Account of artifact","description_kind":"plain","optional":true},"custom_kind":{"type":"bool","description":"Artifact is custom kind","description_kind":"plain","optional":true},"id":{"type":"string","description_kind":"plain","computed":true},"location":{"type":"string","description_kind":"plain","optional":true},"metadata":{"type":["map","string"],"description":"Metadata","description_kind":"plain","optional":true},"name":{"type":"string","description_kind":"plain","optional":true},"reference":{"type":"string","description_kind":"plain","optional":true},"type":{"type":"string","description_kind":"plain","optional":true},"version":{"type":"string","description_kind":"plain","optional":true}},"description_kind":"plain"},"min_items":1,"max_items":1}},"description_kind":"plain"}},"notification":{"nesting_mode":"list","block":{"attributes":{"address":{"type":"string","description":"Address of the notification (slack channel, email, etc)","description_kind":"plain","required":true},"type":{"type":"string","description":"Type of notification (slack, email, etc)","description_kind":"plain","required":true}},"block_types":{"message":{"nesting_mode":"list","block":{"attributes":{"complete":{"type":"string","description_kind":"plain","optional":true},"failed":{"type":"string","description_kind":"plain","optional":true},"starting":{"type":"string","description_kind":"plain","optional":true}},"description_kind":"plain"},"max_items":1},"when":{"nesting_mode":"list","block":{"attributes":{"complete":{"type":"bool","description_kind":"plain","optional":true},"failed":{"type":"bool","description_kind":"plain","optional":true},"starting":{"type":"bool","description_kind":"plain","optional":true}},"description_kind":"plain"},"min_items":1,"max_items":1}},"description_kind":"plain"}},"options":{"nesting_mode":"list","block":{"attributes":{"cascading":{"type":"bool","description_kind":"plain","optional":true}},"description_kind":"plain"},"max_items":1},"restricted_execution_window":{"nesting_mode":"list","block":{"attributes":{"days":{"type":["list","number"],"description_kind":"plain","optional":true}},"block_types":{"jitter":{"nesting_mode":"list","block":{"attributes":{"enabled":{"type":"bool","description_kind":"plain","optional":true},"max_delay":{"type":"number","description_kind":"plain","optional":true},"min_delay":{"type":"number","description_kind":"plain","optional":true},"skip_manual":{"type":"bool","description_kind":"plain","optional":true}},"description_kind":"plain"},"max_items":1},"whitelist":{"nesting_mode":"list","block":{"attributes":{"end_hour":{"type":"number","description_kind":"plain","optional":true},"end_min":{"type":"number","description_kind":"plain","optional":true},"start_hour":{"type":"number","description_kind":"plain","optional":true},"start_min":{"type":"number","description_kind":"plain","optional":true}},"description_kind":"plain"}}},"description_kind":"plain"},"max_items":1},"stage_enabled":{"nesting_mode":"list","block":{"attributes":{"expression":{"type":"string","description_kind":"plain","optional":true},"type":{"type":"string","description_kind":"plain","optional":true}},"description_kind":"plain"},"max_items":1}},"description_kind":"plain"}},"spinnaker_pipeline_deploy_cloudformation_stage":{"version":0,"block":{"attributes":{"action_on_replacement":{"type":"string","description":"Action to take if ChangeSet contains a replacement","description_kind":"plain","optional":true},"capabilities":{"type":["list","string"],"description_kind":"plain","optional":true},"change_set_name":{"type":"string","description":"Name of ChangeSet","description_kind":"plain","optional":true},"complete_other_branches_then_fail":{"type":"bool","description":"halt this branch and fail the pipeline once other branches complete. Prevents any stages that depend on this stage from running, but allows other branches of the pipeline to run. The pipeline will be marked as failed once complete.","description_kind":"plain","optional":true},"continue_pipeline":{"type":"bool","description":"If false, marks the stage as successful right away without waiting for the jenkins job to complete","description_kind":"plain","optional":true},"credentials":{"type":"string","description":"Name of AWS account to use","description_kind":"plain","required":true},"execute_change_set":{"type":"bool","description":"If ChangeSet should be executed","description_kind":"plain","optional":true},"fail_on_failed_expressions":{"type":"bool","description":"The stage will be marked as failed if it contains any failed expressions","description_kind":"plain","optional":true},"fail_pipeline":{"type":"bool","description":"If the stage fails, immediately halt execution of all running stages and fails the entire execution","description_kind":"plain","optional":true},"id":{"type":"string","description_kind":"plain","optional":true,"computed":true},"is_change_set":{"type":"bool","description":"If ChangeSet should be created","description_kind":"plain","optional":true},"name":{"type":"string","description":"Name of the stage","description_kind":"plain","required":true},"override_timeout":{"type":"bool","description":"[Deprecated, use stage_timeout_ms] Allows you to override the amount of time the stage can run before failing.\nNote: this represents the overall time the stage has to complete (the sum of all the task times).","description_kind":"plain","optional":true},"parameters":{"type":["map","string"],"description_kind":"plain","optional":true},"pipeline":{"type":"string","description":"Id of the pipeline","description_kind":"plain","required":true},"regions":{"type":["list","string"],"description_kind":"plain","required":true},"required_artifact_ids":{"type":["list","string"],"description":"These artifacts must be present in the context for this stage to successfully complete. Artifacts specified will be bound to the deployed manifest.","description_kind":"plain","optional":true},"requisite_stage_ref_ids":{"type":["list","string"],"description":"Stage(s) that must be complete before this one","description_kind":"plain","optional":true},"restrict_execution_during_time_window":{"type":"bool","description":"Restrict execution to specific time windows","description_kind":"plain","optional":true},"role_arn":{"type":"string","description_kind":"plain","optional":true},"source":{"type":"string","description":"Where the template file content is read from.text: The template is supplied statically to the pipeline from the below text-box.artifact: The template is read from an artifact supplied/created upstream. The expected artifact must be referenced here, and will be bound at runtime.","description_kind":"plain","optional":true},"stack_name":{"type":"string","description":"Stack Name","description_kind":"plain","required":true},"stage_timeout_ms":{"type":"number","description":"Allows you to declare the amount of time the stage can run before failing, if override timeout is enabled.\nNote: this represents the overall time the stage has to complete (the sum of all the task times).","description_kind":"plain","optional":true},"tags":{"type":["map","string"],"description_kind":"plain","optional":true},"template_body":{"type":["list","string"],"description":"Template if source is text","description_kind":"plain","optional":true}},"block_types":{"expected_artifact":{"nesting_mode":"list","block":{"attributes":{"display_name":{"type":"string","description":"Name to display","description_kind":"plain","required":true},"id":{"type":"string","description":"ID of the artifact","description_kind":"plain","computed":true},"use_default_artifact":{"type":"bool","description":"Use default artifact if missing","description_kind":"plain","optional":true},"use_prior_artifact":{"type":"bool","description":"Use prior artifact if missing","description_kind":"plain","optional":true}},"block_types":{"default_artifact":{"nesting_mode":"list","block":{"attributes":{"artifact_account":{"type":"string","description":"Account of artifact","description_kind":"plain","optional":true},"custom_kind":{"type":"bool","description":"Artifact is custom kind","description_kind":"plain","optional":true},"id":{"type":"string","description_kind":"plain","computed":true},"location":{"type":"string","description_kind":"plain","optional":true},"metadata":{"type":["map","string"],"description":"Metadata","description_kind":"plain","optional":true},"name":{"type":"string","description_kind":"plain","optional":true},"reference":{"type":"string","description_kind":"plain","optional":true},"type":{"type":"string","description_kind":"plain","optional":true},"version":{"type":"string","description_kind":"plain","optional":true}},"description_kind":"plain"},"max_items":1},"match_artifact":{"nesting_mode":"list","block":{"attributes":{"artifact_account":{"type":"string","description":"Account of artifact","description_kind":"plain","optional":true},"custom_kind":{"type":"bool","description":"Artifact is custom kind","description_kind":"plain","optional":true},"id":{"type":"string","description_kind":"plain","computed":true},"location":{"type":"string","description_kind":"plain","optional":true},"metadata":{"type":["map","string"],"description":"Metadata","description_kind":"plain","optional":true},"name":{"type":"string","description_kind":"plain","optional":true},"reference":{"type":"string","description_kind":"plain","optional":true},"type":{"type":"string","description_kind":"plain","optional":true},"version":{"type":"string","description_kind":"plain","optional":true}},"description_kind":"plain"},"min_items":1,"max_items":1}},"description_kind":"plain"}},"notification":{"nesting_mode":"list","block":{"attributes":{"address":{"type":"string","description":"Address of the notification (slack channel, email, etc)","description_kind":"plain","required":true},"type":{"type":"string","description":"Type of notification (slack, email, etc)","description_kind":"plain","required":true}},"block_types":{"message":{"nesting_mode":"list","block":{"attributes":{"complete":{"type":"string","description_kind":"plain","optional":true},"failed":{"type":"string","description_kind":"plain","optional":true},"starting":{"type":"string","description_kind":"plain","optional":true}},"description_kind":"plain"},"max_items":1},"when":{"nesting_mode":"list","block":{"attributes":{"complete":{"type":"bool","description_kind":"plain","optional":true},"failed":{"type":"bool","description_kind":"plain","optional":true},"starting":{"type":"bool","description_kind":"plain","optional":true}},"description_kind":"plain"},"min_items":1,"max_items":1}},"description_kind":"plain"}},"restricted_execution_window":{"nesting_mode":"list","block":{"attributes":{"days":{"type":["list","number"],"description_kind":"plain","optional":true}},"block_types":{"jitter":{"nesting_mode":"list","block":{"attributes":{"enabled":{"type":"bool","description_kind":"plain","optional":true},"max_delay":{"type":"number","description_kind":"plain","optional":true},"min_delay":{"type":"number","description_kind":"plain","optional":true},"skip_manual":{"type":"bool","description_kind":"plain","optional":true}},"description_kind":"plain"},"max_items":1},"whitelist":{"nesting_mode":"list","block":{"attributes":{"end_hour":{"type":"number","description_kind":"plain","optional":true},"end_min":{"type":"number","description_kind":"plain","optional":true},"start_hour":{"type":"number","description_kind":"plain","optional":true},"start_min":{"type":"number","description_kind":"plain","optional":true}},"description_kind":"plain"}}},"description_kind":"plain"},"max_items":1},"stack_artifact":{"nesting_mode":"list","block":{"attributes":{"artifact_account":{"type":"string","description_kind":"plain","optional":true},"id":{"type":"string","description_kind":"plain","computed":true},"name":{"type":"string","description_kind":"plain","optional":true},"reference":{"type":"string","description":"URL of file","description_kind":"plain","optional":true},"type":{"type":"string","description":"Type of artifact (github/file)","description_kind":"plain","required":true},"version":{"type":"string","description":"Branch for github","description_kind":"plain","optional":true}},"description_kind":"plain"},"max_items":1},"stage_enabled":{"nesting_mode":"list","block":{"attributes":{"expression":{"type":"string","description_kind":"plain","optional":true},"type":{"type":"string","description_kind":"plain","optional":true}},"description_kind":"plain"},"max_items":1}},"description_kind":"plain"}},"spinnaker_pipeline_deploy_manifest_stage":{"version":0,"block":{"attributes":{"account":{"type":"string","description":"The account name","description_kind":"plain","required":true},"cloud_provider":{"type":"string","description":"The cloud provider name","description_kind":"plain","required":true},"complete_other_branches_then_fail":{"type":"bool","description":"halt this branch and fail the pipeline once other branches complete. Prevents any stages that depend on this stage from running, but allows other branches of the pipeline to run. The pipeline will be marked as failed once complete.","description_kind":"plain","optional":true},"continue_pipeline":{"type":"bool","description":"If false, marks the stage as successful right away without waiting for the jenkins job to complete","description_kind":"plain","optional":true},"credentials":{"type":"string","description":"The credentials name","description_kind":"plain","optional":true},"fail_on_failed_expressions":{"type":"bool","description":"The stage will be marked as failed if it contains any failed expressions","description_kind":"plain","optional":true},"fail_pipeline":{"type":"bool","description":"If the stage fails, immediately halt execution of all running stages and fails the entire execution","description_kind":"plain","optional":true},"id":{"type":"string","description_kind":"plain","optional":true,"computed":true},"manifest_artifact_account":{"type":"string","description":"The manifest artifact account","description_kind":"plain","optional":true},"manifest_artifact_id":{"type":"string","description":"The manifest artifact id","description_kind":"plain","optional":true},"manifests":{"type":["list","string"],"description":"The manifests as yaml","description_kind":"plain","optional":true},"name":{"type":"string","description":"Name of the stage","description_kind":"plain","required":true},"namespace_override":{"type":"string","description":"Namespace override","description_kind":"plain","optional":true},"override_timeout":{"type":"bool","description":"[Deprecated, use stage_timeout_ms] Allows you to override the amount of time the stage can run before failing.\nNote: this represents the overall time the stage has to complete (the sum of all the task times).","description_kind":"plain","optional":true},"pipeline":{"type":"string","description":"Id of the pipeline","description_kind":"plain","required":true},"required_artifact_ids":{"type":["list","string"],"description":"These artifacts must be present in the context for this stage to successfully complete. Artifacts specified will be bound to the deployed manifest.","description_kind":"plain","optional":true},"requisite_stage_ref_ids":{"type":["list","string"],"description":"Stage(s) that must be complete before this one","description_kind":"plain","optional":true},"restrict_execution_during_time_window":{"type":"bool","description":"Restrict execution to specific time windows","description_kind":"plain","optional":true},"skip_expression_evaluation":{"type":"bool","description":"Skip Expression Evaluation","description_kind":"plain","optional":true},"source":{"type":"string","description":"source","description_kind":"plain","required":true},"stage_timeout_ms":{"type":"number","description":"Allows you to declare the amount of time the stage can run before failing, if override timeout is enabled.\nNote: this represents the overall time the stage has to complete (the sum of all the task times).","description_kind":"plain","optional":true}},"block_types":{"expected_artifact":{"nesting_mode":"list","block":{"attributes":{"display_name":{"type":"string","description":"Name to display","description_kind":"plain","required":true},"id":{"type":"string","description":"ID of the artifact","description_kind":"plain","computed":true},"use_default_artifact":{"type":"bool","description":"Use default artifact if missing","description_kind":"plain","optional":true},"use_prior_artifact":{"type":"bool","description":"Use prior artifact if missing","description_kind":"plain","optional":true}},"block_types":{"default_artifact":{"nesting_mode":"list","block":{"attributes":{"artifact_account":{"type":"string","description":"Account of artifact","description_kind":"plain","optional":true},"custom_kind":{"type":"bool","description":"Artifact is custom kind","description_kind":"plain","optional":true},"id":{"type":"string","description_kind":"plain","computed":true},"location":{"type":"string","description_kind":"plain","optional":true},"metadata":{"type":["map","string"],"description":"Metadata","description_kind":"plain","optional":true},"name":{"type":"string","description_kind":"plain","optional":true},"reference":{"type":"string","description_kind":"plain","optional":true},"type":{"type":"string","description_kind":"plain","optional":true},"version":{"type":"string","description_kind":"plain","optional":true}},"description_kind":"plain"},"max_items":1},"match_artifact":{"nesting_mode":"list","block":{"attributes":{"artifact_account":{"type":"string","description":"Account of artifact","description_kind":"plain","optional":true},"custom_kind":{"type":"bool","description":"Artifact is custom kind","description_kind":"plain","optional":true},"id":{"type":"string","description_kind":"plain","computed":true},"location":{"type":"string","description_kind":"plain","optional":true},"metadata":{"type":["map","string"],"description":"Metadata","description_kind":"plain","optional":true},"name":{"type":"string","description_kind":"plain","optional":true},"reference":{"type":"string","description_kind":"plain","optional":true},"type":{"type":"string","description_kind":"plain","optional":true},"version":{"type":"string","description_kind":"plain","optional":true}},"description_kind":"plain"},"min_items":1,"max_items":1}},"description_kind":"plain"}},"moniker":{"nesting_mode":"list","block":{"attributes":{"app":{"type":"string","description_kind":"plain","optional":true},"cluster":{"type":"string","description_kind":"plain","optional":true},"detail":{"type":"string","description_kind":"plain","optional":true},"sequence":{"type":"string","description_kind":"plain","optional":true},"stack":{"type":"string","description_kind":"plain","optional":true}},"description_kind":"plain"},"min_items":1,"max_items":1},"notification":{"nesting_mode":"list","block":{"attributes":{"address":{"type":"string","description":"Address of the notification (slack channel, email, etc)","description_kind":"plain","required":true},"type":{"type":"string","description":"Type of notification (slack, email, etc)","description_kind":"plain","required":true}},"block_types":{"message":{"nesting_mode":"list","block":{"attributes":{"complete":{"type":"string","description_kind":"plain","optional":true},"failed":{"type":"string","description_kind":"plain","optional":true},"starting":{"type":"string","description_kind":"plain","optional":true}},"description_kind":"plain"},"max_items":1},"when":{"nesting_mode":"list","block":{"attributes":{"complete":{"type":"bool","description_kind":"plain","optional":true},"failed":{"type":"bool","description_kind":"plain","optional":true},"starting":{"type":"bool","description_kind":"plain","optional":true}},"description_kind":"plain"},"min_items":1,"max_items":1}},"description_kind":"plain"}},"relationships":{"nesting_mode":"list","block":{"attributes":{"load_balancers":{"type":["list","string"],"description_kind":"plain","optional":true},"security_groups":{"type":["list","string"],"description_kind":"plain","optional":true}},"description_kind":"plain"},"min_items":1,"max_items":1},"restricted_execution_window":{"nesting_mode":"list","block":{"attributes":{"days":{"type":["list","number"],"description_kind":"plain","optional":true}},"block_types":{"jitter":{"nesting_mode":"list","block":{"attributes":{"enabled":{"type":"bool","description_kind":"plain","optional":true},"max_delay":{"type":"number","description_kind":"plain","optional":true},"min_delay":{"type":"number","description_kind":"plain","optional":true},"skip_manual":{"type":"bool","description_kind":"plain","optional":true}},"description_kind":"plain"},"max_items":1},"whitelist":{"nesting_mode":"list","block":{"attributes":{"end_hour":{"type":"number","description_kind":"plain","optional":true},"end_min":{"type":"number","description_kind":"plain","optional":true},"start_hour":{"type":"number","description_kind":"plain","optional":true},"start_min":{"type":"number","description_kind":"plain","optional":true}},"description_kind":"plain"}}},"description_kind":"plain"},"max_items":1},"stage_enabled":{"nesting_mode":"list","block":{"attributes":{"expression":{"type":"string","description_kind":"plain","optional":true},"type":{"type":"string","description_kind":"plain","optional":true}},"description_kind":"plain"},"max_items":1},"traffic_management":{"nesting_mode":"list","block":{"attributes":{"enabled":{"type":"bool","description_kind":"plain","optional":true}},"block_types":{"options":{"nesting_mode":"list","block":{"attributes":{"enable_traffic":{"type":"bool","description_kind":"plain","optional":true},"namespace":{"type":"string","description_kind":"plain","optional":true},"services":{"type":["list","string"],"description_kind":"plain","optional":true},"strategy":{"type":"string","description_kind":"plain","optional":true}},"description_kind":"plain"},"min_items":1,"max_items":1}},"description_kind":"plain"},"min_items":1,"max_items":1}},"description_kind":"plain"}},"spinnaker_pipeline_deploy_stage":{"version":0,"block":{"attributes":{"complete_other_branches_then_fail":{"type":"bool","description":"halt this branch and fail the pipeline once other branches complete. Prevents any stages that depend on this stage from running, but allows other branches of the pipeline to run. The pipeline will be marked as failed once complete.","description_kind":"plain","optional":true},"continue_pipeline":{"type":"bool","description":"If false, marks the stage as successful right away without waiting for the jenkins job to complete","description_kind":"plain","optional":true},"fail_on_failed_expressions":{"type":"bool","description":"The stage will be marked as failed if it contains any failed expressions","description_kind":"plain","optional":true},"fail_pipeline":{"type":"bool","description":"If the stage fails, immediately halt execution of all running stages and fails the entire execution","description_kind":"plain","optional":true},"id":{"type":"string","description_kind":"plain","optional":true,"computed":true},"name":{"type":"string","description":"Name of the stage","description_kind":"plain","required":true},"override_timeout":{"type":"bool","description":"[Deprecated, use stage_timeout_ms] Allows you to override the amount of time the stage can run before failing.\nNote: this represents the overall time the stage has to complete (the sum of all the task times).","description_kind":"plain","optional":true},"pipeline":{"type":"string","description":"Id of the pipeline","description_kind":"plain","required":true},"required_artifact_ids":{"type":["list","string"],"description":"These artifacts must be present in the context for this stage to successfully complete. Artifacts specified will be bound to the deployed manifest.","description_kind":"plain","optional":true},"requisite_stage_ref_ids":{"type":["list","string"],"description":"Stage(s) that must be complete before this one","description_kind":"plain","optional":true},"restrict_execution_during_time_window":{"type":"bool","description":"Restrict execution to specific time windows","description_kind":"plain","optional":true},"stage_timeout_ms":{"type":"number","description":"Allows you to declare the amount of time the stage can run before failing, if override timeout is enabled.\nNote: this represents the overall time the stage has to complete (the sum of all the task times).","description_kind":"plain","optional":true}},"block_types":{"cluster":{"nesting_mode":"list","block":{"attributes":{"account":{"type":"string","description":"Account to deploy cluster","description_kind":"plain","required":true},"application":{"type":"string","description":"Application to deploy cluster","description_kind":"plain","required":true},"cloud_provider":{"type":"string","description":"Cloud Provider to deploy cluster","description_kind":"plain","required":true},"cooldown":{"type":"number","description":"Cooldown to deploy cluster","description_kind":"plain","optional":true},"copy_source_custom_block_device_mappings":{"type":"bool","description":"Spinnaker will use the block device mappings of the existing server group when deploying a new server group.\nIn the event that there is no existing server group, the defaults for the selected instance type will be used.","description_kind":"plain","optional":true},"dirty":{"type":["map","string"],"description_kind":"plain","optional":true},"ebs_optimized":{"type":"bool","description_kind":"plain","optional":true},"enabled_metrics":{"type":["list","string"],"description":"Metrics to be enabled for cluster","description_kind":"plain","optional":true},"free_form_details":{"type":"string","description":"Detail is a string of free-form alphanumeric characters and hyphens to describe any other variables.","description_kind":"plain","optional":true},"health_check_grace_period":{"type":"string","description":"Health check grace period for cluster","description_kind":"plain","optional":true},"health_check_type":{"type":"string","description":"Type of health check for cluster (ELB, EC2)","description_kind":"plain","required":true},"iam_role":{"type":"string","description":"IAM instance profile","description_kind":"plain","optional":true},"instance_monitoring":{"type":"bool","description":"Instance Monitoring whether to enable detailed monitoring of instances. Group metrics must be disabled to update an ASG with Instance Monitoring set to false.","description_kind":"plain","optional":true},"instance_type":{"type":"string","description":"Instance Type for cluster","description_kind":"plain","required":true},"key_pair":{"type":"string","description":"Key pair name for cluster","description_kind":"plain","required":true},"load_balancers":{"type":["list","string"],"description":"Load balancer to attach to cluster","description_kind":"plain","optional":true},"max_remaining_asgs":{"type":"number","description":"Max amount of asgs to run","description_kind":"plain","optional":true},"provider":{"type":"string","description":"Provider to deploy cluster","description_kind":"plain","required":true},"security_groups":{"type":["list","string"],"description":"Security Groups to attach to cluster","description_kind":"plain","optional":true},"security_groups_expression":{"type":"string","description":"Security Group expression -- will override other sg inputs","description_kind":"plain","optional":true},"spel_load_balancers":{"type":["list","string"],"description":"spel load balancers to attach to cluster","description_kind":"plain","optional":true},"spel_target_groups":{"type":["list","string"],"description":"spel target groups to attach to cluster","description_kind":"plain","optional":true},"spot_price":{"type":"string","description":"spot price for cluster","description_kind":"plain","optional":true},"stack":{"type":"string","description":"stack name for cluster","description_kind":"plain","optional":true},"strategy":{"type":"string","description":"strategy for deploy (redblack, etc)","description_kind":"plain","required":true},"subnet_type":{"type":"string","description":"subnet to deploy cluster","description_kind":"plain","required":true},"suspended_processes":{"type":["list","string"],"description_kind":"plain","optional":true},"tags":{"type":["map","string"],"description":"tags to put on cluster","description_kind":"plain","optional":true},"target_groups":{"type":["list","string"],"description":"target groups to attach to cluster","description_kind":"plain","optional":true},"target_healthy_deploy_percentage":{"type":"number","description":"Consider deployment successful when percent of instances are healthy","description_kind":"plain","optional":true},"termination_policies":{"type":["list","string"],"description":"Termination policy names for cluster","description_kind":"plain","optional":true},"use_ami_block_device_mappings":{"type":"bool","description":"Use the block device mappings from the selected AMI when deploying a new server group","description_kind":"plain","optional":true},"use_source_capacity":{"type":"bool","description":"Spinnaker will use the current capacity of the existing server group when deploying a new server group.\nThis setting is intended to support a server group with auto-scaling enabled, where the bounds and desired capacity are controlled by an external process.\nIn the event that there is no existing server group, the deploy will fail.","description_kind":"plain","optional":true},"user_data":{"type":"string","description":"UserData is a base64 encoded string.","description_kind":"plain","optional":true}},"block_types":{"availability_zones":{"nesting_mode":"list","block":{"attributes":{"ap_northeast_1":{"type":["list","string"],"description_kind":"plain","optional":true},"ap_northeast_2":{"type":["list","string"],"description_kind":"plain","optional":true},"ap_northeast_3":{"type":["list","string"],"description_kind":"plain","optional":true},"ap_south_1":{"type":["list","string"],"description_kind":"plain","optional":true},"ap_southeast_1":{"type":["list","string"],"description_kind":"plain","optional":true},"ap_southeast_2":{"type":["list","string"],"description_kind":"plain","optional":true},"ca_central_1":{"type":["list","string"],"description_kind":"plain","optional":true},"cn_north_1":{"type":["list","string"],"description_kind":"plain","optional":true},"cn_northwest_1":{"type":["list","string"],"description_kind":"plain","optional":true},"eu_central_1":{"type":["list","string"],"description_kind":"plain","optional":true},"eu_north_1":{"type":["list","string"],"description_kind":"plain","optional":true},"eu_west_1":{"type":["list","string"],"description_kind":"plain","optional":true},"eu_west_2":{"type":["list","string"],"description_kind":"plain","optional":true},"eu_west_3":{"type":["list","string"],"description_kind":"plain","optional":true},"sa_east_1":{"type":["list","string"],"description_kind":"plain","optional":true},"us_east_1":{"type":["list","string"],"description_kind":"plain","optional":true},"us_east_2":{"type":["list","string"],"description_kind":"plain","optional":true},"us_gov_east_1":{"type":["list","string"],"description_kind":"plain","optional":true},"us_gov_west_1":{"type":["list","string"],"description_kind":"plain","optional":true},"us_west_1":{"type":["list","string"],"description_kind":"plain","optional":true},"us_west_2":{"type":["list","string"],"description_kind":"plain","optional":true}},"description_kind":"plain"},"min_items":1,"max_items":1},"capacity":{"nesting_mode":"list","block":{"attributes":{"desired":{"type":"string","description_kind":"plain","optional":true},"max":{"type":"string","description_kind":"plain","optional":true},"min":{"type":"string","description_kind":"plain","optional":true}},"description_kind":"plain"},"max_items":1},"moniker":{"nesting_mode":"list","block":{"attributes":{"app":{"type":"string","description_kind":"plain","optional":true},"cluster":{"type":"string","description_kind":"plain","optional":true},"detail":{"type":"string","description_kind":"plain","optional":true},"sequence":{"type":"string","description_kind":"plain","optional":true},"stack":{"type":"string","description_kind":"plain","optional":true}},"description_kind":"plain"},"max_items":1}},"description_kind":"plain"},"min_items":1},"expected_artifact":{"nesting_mode":"list","block":{"attributes":{"display_name":{"type":"string","description":"Name to display","description_kind":"plain","required":true},"id":{"type":"string","description":"ID of the artifact","description_kind":"plain","computed":true},"use_default_artifact":{"type":"bool","description":"Use default artifact if missing","description_kind":"plain","optional":true},"use_prior_artifact":{"type":"bool","description":"Use prior artifact if missing","description_kind":"plain","optional":true}},"block_types":{"default_artifact":{"nesting_mode":"list","block":{"attributes":{"artifact_account":{"type":"string","description":"Account of artifact","description_kind":"plain","optional":true},"custom_kind":{"type":"bool","description":"Artifact is custom kind","description_kind":"plain","optional":true},"id":{"type":"string","description_kind":"plain","computed":true},"location":{"type":"string","description_kind":"plain","optional":true},"metadata":{"type":["map","string"],"description":"Metadata","description_kind":"plain","optional":true},"name":{"type":"string","description_kind":"plain","optional":true},"reference":{"type":"string","description_kind":"plain","optional":true},"type":{"type":"string","description_kind":"plain","optional":true},"version":{"type":"string","description_kind":"plain","optional":true}},"description_kind":"plain"},"max_items":1},"match_artifact":{"nesting_mode":"list","block":{"attributes":{"artifact_account":{"type":"string","description":"Account of artifact","description_kind":"plain","optional":true},"custom_kind":{"type":"bool","description":"Artifact is custom kind","description_kind":"plain","optional":true},"id":{"type":"string","description_kind":"plain","computed":true},"location":{"type":"string","description_kind":"plain","optional":true},"metadata":{"type":["map","string"],"description":"Metadata","description_kind":"plain","optional":true},"name":{"type":"string","description_kind":"plain","optional":true},"reference":{"type":"string","description_kind":"plain","optional":true},"type":{"type":"string","description_kind":"plain","optional":true},"version":{"type":"string","description_kind":"plain","optional":true}},"description_kind":"plain"},"min_items":1,"max_items":1}},"description_kind":"plain"}},"notification":{"nesting_mode":"list","block":{"attributes":{"address":{"type":"string","description":"Address of the notification (slack channel, email, etc)","description_kind":"plain","required":true},"type":{"type":"string","description":"Type of notification (slack, email, etc)","description_kind":"plain","required":true}},"block_types":{"message":{"nesting_mode":"list","block":{"attributes":{"complete":{"type":"string","description_kind":"plain","optional":true},"failed":{"type":"string","description_kind":"plain","optional":true},"starting":{"type":"string","description_kind":"plain","optional":true}},"description_kind":"plain"},"max_items":1},"when":{"nesting_mode":"list","block":{"attributes":{"complete":{"type":"bool","description_kind":"plain","optional":true},"failed":{"type":"bool","description_kind":"plain","optional":true},"starting":{"type":"bool","description_kind":"plain","optional":true}},"description_kind":"plain"},"min_items":1,"max_items":1}},"description_kind":"plain"}},"restricted_execution_window":{"nesting_mode":"list","block":{"attributes":{"days":{"type":["list","number"],"description_kind":"plain","optional":true}},"block_types":{"jitter":{"nesting_mode":"list","block":{"attributes":{"enabled":{"type":"bool","description_kind":"plain","optional":true},"max_delay":{"type":"number","description_kind":"plain","optional":true},"min_delay":{"type":"number","description_kind":"plain","optional":true},"skip_manual":{"type":"bool","description_kind":"plain","optional":true}},"description_kind":"plain"},"max_items":1},"whitelist":{"nesting_mode":"list","block":{"attributes":{"end_hour":{"type":"number","description_kind":"plain","optional":true},"end_min":{"type":"number","description_kind":"plain","optional":true},"start_hour":{"type":"number","description_kind":"plain","optional":true},"start_min":{"type":"number","description_kind":"plain","optional":true}},"description_kind":"plain"}}},"description_kind":"plain"},"max_items":1},"stage_enabled":{"nesting_mode":"list","block":{"attributes":{"expression":{"type":"string","description_kind":"plain","optional":true},"type":{"type":"string","description_kind":"plain","optional":true}},"description_kind":"plain"},"max_items":1}},"description_kind":"plain"}},"spinnaker_pipeline_destroy_server_group_stage":{"version":0,"block":{"attributes":{"cloud_provider":{"type":"string","description":"Cloud provider to use (aws)","description_kind":"plain","optional":true},"cloud_provider_type":{"type":"string","description":"Cloud provider to use (aws)","description_kind":"plain","optional":true},"cluster":{"type":"string","description":"Name of the cluster","description_kind":"plain","required":true},"complete_other_branches_then_fail":{"type":"bool","description":"halt this branch and fail the pipeline once other branches complete. Prevents any stages that depend on this stage from running, but allows other branches of the pipeline to run. The pipeline will be marked as failed once complete.","description_kind":"plain","optional":true},"continue_pipeline":{"type":"bool","description":"If false, marks the stage as successful right away without waiting for the jenkins job to complete","description_kind":"plain","optional":true},"credentials":{"type":"string","description":"Name of the credentials to use","description_kind":"plain","optional":true},"fail_on_failed_expressions":{"type":"bool","description":"The stage will be marked as failed if it contains any failed expressions","description_kind":"plain","optional":true},"fail_pipeline":{"type":"bool","description":"If the stage fails, immediately halt execution of all running stages and fails the entire execution","description_kind":"plain","optional":true},"id":{"type":"string","description_kind":"plain","optional":true,"computed":true},"name":{"type":"string","description":"Name of the stage","description_kind":"plain","required":true},"override_timeout":{"type":"bool","description":"[Deprecated, use stage_timeout_ms] Allows you to override the amount of time the stage can run before failing.\nNote: this represents the overall time the stage has to complete (the sum of all the task times).","description_kind":"plain","optional":true},"pipeline":{"type":"string","description":"Id of the pipeline","description_kind":"plain","required":true},"regions":{"type":["list","string"],"description":"regions to target (us-east-1)","description_kind":"plain","optional":true},"required_artifact_ids":{"type":["list","string"],"description":"These artifacts must be present in the context for this stage to successfully complete. Artifacts specified will be bound to the deployed manifest.","description_kind":"plain","optional":true},"requisite_stage_ref_ids":{"type":["list","string"],"description":"Stage(s) that must be complete before this one","description_kind":"plain","optional":true},"restrict_execution_during_time_window":{"type":"bool","description":"Restrict execution to specific time windows","description_kind":"plain","optional":true},"stage_timeout_ms":{"type":"number","description":"Allows you to declare the amount of time the stage can run before failing, if override timeout is enabled.\nNote: this represents the overall time the stage has to complete (the sum of all the task times).","description_kind":"plain","optional":true},"target":{"type":"string","description":"Which server group to destroy (oldest_asg_dynamic, ancestor_asg_dynamic, current_asg_dynamic)","description_kind":"plain","optional":true}},"block_types":{"expected_artifact":{"nesting_mode":"list","block":{"attributes":{"display_name":{"type":"string","description":"Name to display","description_kind":"plain","required":true},"id":{"type":"string","description":"ID of the artifact","description_kind":"plain","computed":true},"use_default_artifact":{"type":"bool","description":"Use default artifact if missing","description_kind":"plain","optional":true},"use_prior_artifact":{"type":"bool","description":"Use prior artifact if missing","description_kind":"plain","optional":true}},"block_types":{"default_artifact":{"nesting_mode":"list","block":{"attributes":{"artifact_account":{"type":"string","description":"Account of artifact","description_kind":"plain","optional":true},"custom_kind":{"type":"bool","description":"Artifact is custom kind","description_kind":"plain","optional":true},"id":{"type":"string","description_kind":"plain","computed":true},"location":{"type":"string","description_kind":"plain","optional":true},"metadata":{"type":["map","string"],"description":"Metadata","description_kind":"plain","optional":true},"name":{"type":"string","description_kind":"plain","optional":true},"reference":{"type":"string","description_kind":"plain","optional":true},"type":{"type":"string","description_kind":"plain","optional":true},"version":{"type":"string","description_kind":"plain","optional":true}},"description_kind":"plain"},"max_items":1},"match_artifact":{"nesting_mode":"list","block":{"attributes":{"artifact_account":{"type":"string","description":"Account of artifact","description_kind":"plain","optional":true},"custom_kind":{"type":"bool","description":"Artifact is custom kind","description_kind":"plain","optional":true},"id":{"type":"string","description_kind":"plain","computed":true},"location":{"type":"string","description_kind":"plain","optional":true},"metadata":{"type":["map","string"],"description":"Metadata","description_kind":"plain","optional":true},"name":{"type":"string","description_kind":"plain","optional":true},"reference":{"type":"string","description_kind":"plain","optional":true},"type":{"type":"string","description_kind":"plain","optional":true},"version":{"type":"string","description_kind":"plain","optional":true}},"description_kind":"plain"},"min_items":1,"max_items":1}},"description_kind":"plain"}},"moniker":{"nesting_mode":"list","block":{"attributes":{"app":{"type":"string","description_kind":"plain","optional":true},"cluster":{"type":"string","description_kind":"plain","optional":true},"detail":{"type":"string","description_kind":"plain","optional":true},"sequence":{"type":"string","description_kind":"plain","optional":true},"stack":{"type":"string","description_kind":"plain","optional":true}},"description_kind":"plain"},"max_items":1},"notification":{"nesting_mode":"list","block":{"attributes":{"address":{"type":"string","description":"Address of the notification (slack channel, email, etc)","description_kind":"plain","required":true},"type":{"type":"string","description":"Type of notification (slack, email, etc)","description_kind":"plain","required":true}},"block_types":{"message":{"nesting_mode":"list","block":{"attributes":{"complete":{"type":"string","description_kind":"plain","optional":true},"failed":{"type":"string","description_kind":"plain","optional":true},"starting":{"type":"string","description_kind":"plain","optional":true}},"description_kind":"plain"},"max_items":1},"when":{"nesting_mode":"list","block":{"attributes":{"complete":{"type":"bool","description_kind":"plain","optional":true},"failed":{"type":"bool","description_kind":"plain","optional":true},"starting":{"type":"bool","description_kind":"plain","optional":true}},"description_kind":"plain"},"min_items":1,"max_items":1}},"description_kind":"plain"}},"restricted_execution_window":{"nesting_mode":"list","block":{"attributes":{"days":{"type":["list","number"],"description_kind":"plain","optional":true}},"block_types":{"jitter":{"nesting_mode":"list","block":{"attributes":{"enabled":{"type":"bool","description_kind":"plain","optional":true},"max_delay":{"type":"number","description_kind":"plain","optional":true},"min_delay":{"type":"number","description_kind":"plain","optional":true},"skip_manual":{"type":"bool","description_kind":"plain","optional":true}},"description_kind":"plain"},"max_items":1},"whitelist":{"nesting_mode":"list","block":{"attributes":{"end_hour":{"type":"number","description_kind":"plain","optional":true},"end_min":{"type":"number","description_kind":"plain","optional":true},"start_hour":{"type":"number","description_kind":"plain","optional":true},"start_min":{"type":"number","description_kind":"plain","optional":true}},"description_kind":"plain"}}},"description_kind":"plain"},"max_items":1},"stage_enabled":{"nesting_mode":"list","block":{"attributes":{"expression":{"type":"string","description_kind":"plain","optional":true},"type":{"type":"string","description_kind":"plain","optional":true}},"description_kind":"plain"},"max_items":1}},"description_kind":"plain"}},"spinnaker_pipeline_disable_manifest_stage":{"version":0,"block":{"attributes":{"account":{"type":"string","description":"The account name","description_kind":"plain","required":true},"app":{"type":"string","description":"The application name","description_kind":"plain","required":true},"cloud_provider":{"type":"string","description":"The cloud provider name","description_kind":"plain","required":true},"cluster":{"type":"string","description":"The name of the manifest to enable (e.g. replicatSet my-service)","description_kind":"plain","required":true},"complete_other_branches_then_fail":{"type":"bool","description":"halt this branch and fail the pipeline once other branches complete. Prevents any stages that depend on this stage from running, but allows other branches of the pipeline to run. The pipeline will be marked as failed once complete.","description_kind":"plain","optional":true},"continue_pipeline":{"type":"bool","description":"If false, marks the stage as successful right away without waiting for the jenkins job to complete","description_kind":"plain","optional":true},"criteria":{"type":"string","description":"The target cluster (e.g. newest)","description_kind":"plain","required":true},"fail_on_failed_expressions":{"type":"bool","description":"The stage will be marked as failed if it contains any failed expressions","description_kind":"plain","optional":true},"fail_pipeline":{"type":"bool","description":"If the stage fails, immediately halt execution of all running stages and fails the entire execution","description_kind":"plain","optional":true},"id":{"type":"string","description_kind":"plain","optional":true,"computed":true},"kind":{"type":"string","description":"The cluster kind (e.g. replicaSet)","description_kind":"plain","required":true},"location":{"type":"string","description":"The location name","description_kind":"plain","required":true},"manifest_name":{"type":"string","description":"The manifest name","description_kind":"plain","optional":true},"mode":{"type":"string","description":"The mode name","description_kind":"plain","required":true},"name":{"type":"string","description":"Name of the stage","description_kind":"plain","required":true},"override_timeout":{"type":"bool","description":"[Deprecated, use stage_timeout_ms] Allows you to override the amount of time the stage can run before failing.\nNote: this represents the overall time the stage has to complete (the sum of all the task times).","description_kind":"plain","optional":true},"pipeline":{"type":"string","description":"Id of the pipeline","description_kind":"plain","required":true},"required_artifact_ids":{"type":["list","string"],"description":"These artifacts must be present in the context for this stage to successfully complete. Artifacts specified will be bound to the deployed manifest.","description_kind":"plain","optional":true},"requisite_stage_ref_ids":{"type":["list","string"],"description":"Stage(s) that must be complete before this one","description_kind":"plain","optional":true},"restrict_execution_during_time_window":{"type":"bool","description":"Restrict execution to specific time windows","description_kind":"plain","optional":true},"stage_timeout_ms":{"type":"number","description":"Allows you to declare the amount of time the stage can run before failing, if override timeout is enabled.\nNote: this represents the overall time the stage has to complete (the sum of all the task times).","description_kind":"plain","optional":true}},"block_types":{"expected_artifact":{"nesting_mode":"list","block":{"attributes":{"display_name":{"type":"string","description":"Name to display","description_kind":"plain","required":true},"id":{"type":"string","description":"ID of the artifact","description_kind":"plain","computed":true},"use_default_artifact":{"type":"bool","description":"Use default artifact if missing","description_kind":"plain","optional":true},"use_prior_artifact":{"type":"bool","description":"Use prior artifact if missing","description_kind":"plain","optional":true}},"block_types":{"default_artifact":{"nesting_mode":"list","block":{"attributes":{"artifact_account":{"type":"string","description":"Account of artifact","description_kind":"plain","optional":true},"custom_kind":{"type":"bool","description":"Artifact is custom kind","description_kind":"plain","optional":true},"id":{"type":"string","description_kind":"plain","computed":true},"location":{"type":"string","description_kind":"plain","optional":true},"metadata":{"type":["map","string"],"description":"Metadata","description_kind":"plain","optional":true},"name":{"type":"string","description_kind":"plain","optional":true},"reference":{"type":"string","description_kind":"plain","optional":true},"type":{"type":"string","description_kind":"plain","optional":true},"version":{"type":"string","description_kind":"plain","optional":true}},"description_kind":"plain"},"max_items":1},"match_artifact":{"nesting_mode":"list","block":{"attributes":{"artifact_account":{"type":"string","description":"Account of artifact","description_kind":"plain","optional":true},"custom_kind":{"type":"bool","description":"Artifact is custom kind","description_kind":"plain","optional":true},"id":{"type":"string","description_kind":"plain","computed":true},"location":{"type":"string","description_kind":"plain","optional":true},"metadata":{"type":["map","string"],"description":"Metadata","description_kind":"plain","optional":true},"name":{"type":"string","description_kind":"plain","optional":true},"reference":{"type":"string","description_kind":"plain","optional":true},"type":{"type":"string","description_kind":"plain","optional":true},"version":{"type":"string","description_kind":"plain","optional":true}},"description_kind":"plain"},"min_items":1,"max_items":1}},"description_kind":"plain"}},"notification":{"nesting_mode":"list","block":{"attributes":{"address":{"type":"string","description":"Address of the notification (slack channel, email, etc)","description_kind":"plain","required":true},"type":{"type":"string","description":"Type of notification (slack, email, etc)","description_kind":"plain","required":true}},"block_types":{"message":{"nesting_mode":"list","block":{"attributes":{"complete":{"type":"string","description_kind":"plain","optional":true},"failed":{"type":"string","description_kind":"plain","optional":true},"starting":{"type":"string","description_kind":"plain","optional":true}},"description_kind":"plain"},"max_items":1},"when":{"nesting_mode":"list","block":{"attributes":{"complete":{"type":"bool","description_kind":"plain","optional":true},"failed":{"type":"bool","description_kind":"plain","optional":true},"starting":{"type":"bool","description_kind":"plain","optional":true}},"description_kind":"plain"},"min_items":1,"max_items":1}},"description_kind":"plain"}},"restricted_execution_window":{"nesting_mode":"list","block":{"attributes":{"days":{"type":["list","number"],"description_kind":"plain","optional":true}},"block_types":{"jitter":{"nesting_mode":"list","block":{"attributes":{"enabled":{"type":"bool","description_kind":"plain","optional":true},"max_delay":{"type":"number","description_kind":"plain","optional":true},"min_delay":{"type":"number","description_kind":"plain","optional":true},"skip_manual":{"type":"bool","description_kind":"plain","optional":true}},"description_kind":"plain"},"max_items":1},"whitelist":{"nesting_mode":"list","block":{"attributes":{"end_hour":{"type":"number","description_kind":"plain","optional":true},"end_min":{"type":"number","description_kind":"plain","optional":true},"start_hour":{"type":"number","description_kind":"plain","optional":true},"start_min":{"type":"number","description_kind":"plain","optional":true}},"description_kind":"plain"}}},"description_kind":"plain"},"max_items":1},"stage_enabled":{"nesting_mode":"list","block":{"attributes":{"expression":{"type":"string","description_kind":"plain","optional":true},"type":{"type":"string","description_kind":"plain","optional":true}},"description_kind":"plain"},"max_items":1}},"description_kind":"plain"}},"spinnaker_pipeline_disable_server_group_stage":{"version":0,"block":{"attributes":{"cloud_provider":{"type":"string","description":"Cloud provider to use (aws)","description_kind":"plain","optional":true},"cloud_provider_type":{"type":"string","description":"Cloud provider to use (aws)","description_kind":"plain","optional":true},"cluster":{"type":"string","description":"Name of the cluster","description_kind":"plain","required":true},"complete_other_branches_then_fail":{"type":"bool","description":"halt this branch and fail the pipeline once other branches complete. Prevents any stages that depend on this stage from running, but allows other branches of the pipeline to run. The pipeline will be marked as failed once complete.","description_kind":"plain","optional":true},"continue_pipeline":{"type":"bool","description":"If false, marks the stage as successful right away without waiting for the jenkins job to complete","description_kind":"plain","optional":true},"credentials":{"type":"string","description":"Name of the credentials to use","description_kind":"plain","optional":true},"fail_on_failed_expressions":{"type":"bool","description":"The stage will be marked as failed if it contains any failed expressions","description_kind":"plain","optional":true},"fail_pipeline":{"type":"bool","description":"If the stage fails, immediately halt execution of all running stages and fails the entire execution","description_kind":"plain","optional":true},"id":{"type":"string","description_kind":"plain","optional":true,"computed":true},"name":{"type":"string","description":"Name of the stage","description_kind":"plain","required":true},"override_timeout":{"type":"bool","description":"[Deprecated, use stage_timeout_ms] Allows you to override the amount of time the stage can run before failing.\nNote: this represents the overall time the stage has to complete (the sum of all the task times).","description_kind":"plain","optional":true},"pipeline":{"type":"string","description":"Id of the pipeline","description_kind":"plain","required":true},"regions":{"type":["list","string"],"description":"regions to target (us-east-1)","description_kind":"plain","optional":true},"required_artifact_ids":{"type":["list","string"],"description":"These artifacts must be present in the context for this stage to successfully complete. Artifacts specified will be bound to the deployed manifest.","description_kind":"plain","optional":true},"requisite_stage_ref_ids":{"type":["list","string"],"description":"Stage(s) that must be complete before this one","description_kind":"plain","optional":true},"restrict_execution_during_time_window":{"type":"bool","description":"Restrict execution to specific time windows","description_kind":"plain","optional":true},"stage_timeout_ms":{"type":"number","description":"Allows you to declare the amount of time the stage can run before failing, if override timeout is enabled.\nNote: this represents the overall time the stage has to complete (the sum of all the task times).","description_kind":"plain","optional":true},"target":{"type":"string","description":"Which server group to destroy (oldest_asg_dynamic, ancestor_asg_dynamic, current_asg_dynamic)","description_kind":"plain","optional":true}},"block_types":{"expected_artifact":{"nesting_mode":"list","block":{"attributes":{"display_name":{"type":"string","description":"Name to display","description_kind":"plain","required":true},"id":{"type":"string","description":"ID of the artifact","description_kind":"plain","computed":true},"use_default_artifact":{"type":"bool","description":"Use default artifact if missing","description_kind":"plain","optional":true},"use_prior_artifact":{"type":"bool","description":"Use prior artifact if missing","description_kind":"plain","optional":true}},"block_types":{"default_artifact":{"nesting_mode":"list","block":{"attributes":{"artifact_account":{"type":"string","description":"Account of artifact","description_kind":"plain","optional":true},"custom_kind":{"type":"bool","description":"Artifact is custom kind","description_kind":"plain","optional":true},"id":{"type":"string","description_kind":"plain","computed":true},"location":{"type":"string","description_kind":"plain","optional":true},"metadata":{"type":["map","string"],"description":"Metadata","description_kind":"plain","optional":true},"name":{"type":"string","description_kind":"plain","optional":true},"reference":{"type":"string","description_kind":"plain","optional":true},"type":{"type":"string","description_kind":"plain","optional":true},"version":{"type":"string","description_kind":"plain","optional":true}},"description_kind":"plain"},"max_items":1},"match_artifact":{"nesting_mode":"list","block":{"attributes":{"artifact_account":{"type":"string","description":"Account of artifact","description_kind":"plain","optional":true},"custom_kind":{"type":"bool","description":"Artifact is custom kind","description_kind":"plain","optional":true},"id":{"type":"string","description_kind":"plain","computed":true},"location":{"type":"string","description_kind":"plain","optional":true},"metadata":{"type":["map","string"],"description":"Metadata","description_kind":"plain","optional":true},"name":{"type":"string","description_kind":"plain","optional":true},"reference":{"type":"string","description_kind":"plain","optional":true},"type":{"type":"string","description_kind":"plain","optional":true},"version":{"type":"string","description_kind":"plain","optional":true}},"description_kind":"plain"},"min_items":1,"max_items":1}},"description_kind":"plain"}},"moniker":{"nesting_mode":"list","block":{"attributes":{"app":{"type":"string","description_kind":"plain","optional":true},"cluster":{"type":"string","description_kind":"plain","optional":true},"detail":{"type":"string","description_kind":"plain","optional":true},"sequence":{"type":"string","description_kind":"plain","optional":true},"stack":{"type":"string","description_kind":"plain","optional":true}},"description_kind":"plain"},"max_items":1},"notification":{"nesting_mode":"list","block":{"attributes":{"address":{"type":"string","description":"Address of the notification (slack channel, email, etc)","description_kind":"plain","required":true},"type":{"type":"string","description":"Type of notification (slack, email, etc)","description_kind":"plain","required":true}},"block_types":{"message":{"nesting_mode":"list","block":{"attributes":{"complete":{"type":"string","description_kind":"plain","optional":true},"failed":{"type":"string","description_kind":"plain","optional":true},"starting":{"type":"string","description_kind":"plain","optional":true}},"description_kind":"plain"},"max_items":1},"when":{"nesting_mode":"list","block":{"attributes":{"complete":{"type":"bool","description_kind":"plain","optional":true},"failed":{"type":"bool","description_kind":"plain","optional":true},"starting":{"type":"bool","description_kind":"plain","optional":true}},"description_kind":"plain"},"min_items":1,"max_items":1}},"description_kind":"plain"}},"restricted_execution_window":{"nesting_mode":"list","block":{"attributes":{"days":{"type":["list","number"],"description_kind":"plain","optional":true}},"block_types":{"jitter":{"nesting_mode":"list","block":{"attributes":{"enabled":{"type":"bool","description_kind":"plain","optional":true},"max_delay":{"type":"number","description_kind":"plain","optional":true},"min_delay":{"type":"number","description_kind":"plain","optional":true},"skip_manual":{"type":"bool","description_kind":"plain","optional":true}},"description_kind":"plain"},"max_items":1},"whitelist":{"nesting_mode":"list","block":{"attributes":{"end_hour":{"type":"number","description_kind":"plain","optional":true},"end_min":{"type":"number","description_kind":"plain","optional":true},"start_hour":{"type":"number","description_kind":"plain","optional":true},"start_min":{"type":"number","description_kind":"plain","optional":true}},"description_kind":"plain"}}},"description_kind":"plain"},"max_items":1},"stage_enabled":{"nesting_mode":"list","block":{"attributes":{"expression":{"type":"string","description_kind":"plain","optional":true},"type":{"type":"string","description_kind":"plain","optional":true}},"description_kind":"plain"},"max_items":1}},"description_kind":"plain"}},"spinnaker_pipeline_docker_trigger":{"version":0,"block":{"attributes":{"account":{"type":"string","description":"Name of the account","description_kind":"plain","required":true},"enabled":{"type":"bool","description":"If the trigger is enabled","description_kind":"plain","optional":true},"id":{"type":"string","description_kind":"plain","optional":true,"computed":true},"organization":{"type":"string","description":"Name of the organization","description_kind":"plain","required":true},"pipeline":{"type":"string","description":"Id of the pipeline to trigger","description_kind":"plain","required":true},"registry":{"type":"string","description_kind":"plain","optional":true},"repository":{"type":"string","description":"Name of repository","description_kind":"plain","required":true},"tag":{"type":"string","description_kind":"plain","optional":true}},"description_kind":"plain"}},"spinnaker_pipeline_enable_manifest_stage":{"version":0,"block":{"attributes":{"account":{"type":"string","description":"The account name","description_kind":"plain","required":true},"app":{"type":"string","description":"The application name","description_kind":"plain","required":true},"cloud_provider":{"type":"string","description":"The cloud provider name","description_kind":"plain","required":true},"cluster":{"type":"string","description":"The name of the manifest to enable (e.g. replicatSet my-service)","description_kind":"plain","required":true},"complete_other_branches_then_fail":{"type":"bool","description":"halt this branch and fail the pipeline once other branches complete. Prevents any stages that depend on this stage from running, but allows other branches of the pipeline to run. The pipeline will be marked as failed once complete.","description_kind":"plain","optional":true},"continue_pipeline":{"type":"bool","description":"If false, marks the stage as successful right away without waiting for the jenkins job to complete","description_kind":"plain","optional":true},"criteria":{"type":"string","description":"The target cluster (e.g. newest)","description_kind":"plain","required":true},"fail_on_failed_expressions":{"type":"bool","description":"The stage will be marked as failed if it contains any failed expressions","description_kind":"plain","optional":true},"fail_pipeline":{"type":"bool","description":"If the stage fails, immediately halt execution of all running stages and fails the entire execution","description_kind":"plain","optional":true},"id":{"type":"string","description_kind":"plain","optional":true,"computed":true},"kind":{"type":"string","description":"The cluster kind (e.g. replicaSet)","description_kind":"plain","required":true},"location":{"type":"string","description":"The location name","description_kind":"plain","required":true},"mode":{"type":"string","description":"The mode name","description_kind":"plain","required":true},"name":{"type":"string","description":"Name of the stage","description_kind":"plain","required":true},"override_timeout":{"type":"bool","description":"[Deprecated, use stage_timeout_ms] Allows you to override the amount of time the stage can run before failing.\nNote: this represents the overall time the stage has to complete (the sum of all the task times).","description_kind":"plain","optional":true},"pipeline":{"type":"string","description":"Id of the pipeline","description_kind":"plain","required":true},"required_artifact_ids":{"type":["list","string"],"description":"These artifacts must be present in the context for this stage to successfully complete. Artifacts specified will be bound to the deployed manifest.","description_kind":"plain","optional":true},"requisite_stage_ref_ids":{"type":["list","string"],"description":"Stage(s) that must be complete before this one","description_kind":"plain","optional":true},"restrict_execution_during_time_window":{"type":"bool","description":"Restrict execution to specific time windows","description_kind":"plain","optional":true},"stage_timeout_ms":{"type":"number","description":"Allows you to declare the amount of time the stage can run before failing, if override timeout is enabled.\nNote: this represents the overall time the stage has to complete (the sum of all the task times).","description_kind":"plain","optional":true}},"block_types":{"expected_artifact":{"nesting_mode":"list","block":{"attributes":{"display_name":{"type":"string","description":"Name to display","description_kind":"plain","required":true},"id":{"type":"string","description":"ID of the artifact","description_kind":"plain","computed":true},"use_default_artifact":{"type":"bool","description":"Use default artifact if missing","description_kind":"plain","optional":true},"use_prior_artifact":{"type":"bool","description":"Use prior artifact if missing","description_kind":"plain","optional":true}},"block_types":{"default_artifact":{"nesting_mode":"list","block":{"attributes":{"artifact_account":{"type":"string","description":"Account of artifact","description_kind":"plain","optional":true},"custom_kind":{"type":"bool","description":"Artifact is custom kind","description_kind":"plain","optional":true},"id":{"type":"string","description_kind":"plain","computed":true},"location":{"type":"string","description_kind":"plain","optional":true},"metadata":{"type":["map","string"],"description":"Metadata","description_kind":"plain","optional":true},"name":{"type":"string","description_kind":"plain","optional":true},"reference":{"type":"string","description_kind":"plain","optional":true},"type":{"type":"string","description_kind":"plain","optional":true},"version":{"type":"string","description_kind":"plain","optional":true}},"description_kind":"plain"},"max_items":1},"match_artifact":{"nesting_mode":"list","block":{"attributes":{"artifact_account":{"type":"string","description":"Account of artifact","description_kind":"plain","optional":true},"custom_kind":{"type":"bool","description":"Artifact is custom kind","description_kind":"plain","optional":true},"id":{"type":"string","description_kind":"plain","computed":true},"location":{"type":"string","description_kind":"plain","optional":true},"metadata":{"type":["map","string"],"description":"Metadata","description_kind":"plain","optional":true},"name":{"type":"string","description_kind":"plain","optional":true},"reference":{"type":"string","description_kind":"plain","optional":true},"type":{"type":"string","description_kind":"plain","optional":true},"version":{"type":"string","description_kind":"plain","optional":true}},"description_kind":"plain"},"min_items":1,"max_items":1}},"description_kind":"plain"}},"notification":{"nesting_mode":"list","block":{"attributes":{"address":{"type":"string","description":"Address of the notification (slack channel, email, etc)","description_kind":"plain","required":true},"type":{"type":"string","description":"Type of notification (slack, email, etc)","description_kind":"plain","required":true}},"block_types":{"message":{"nesting_mode":"list","block":{"attributes":{"complete":{"type":"string","description_kind":"plain","optional":true},"failed":{"type":"string","description_kind":"plain","optional":true},"starting":{"type":"string","description_kind":"plain","optional":true}},"description_kind":"plain"},"max_items":1},"when":{"nesting_mode":"list","block":{"attributes":{"complete":{"type":"bool","description_kind":"plain","optional":true},"failed":{"type":"bool","description_kind":"plain","optional":true},"starting":{"type":"bool","description_kind":"plain","optional":true}},"description_kind":"plain"},"min_items":1,"max_items":1}},"description_kind":"plain"}},"restricted_execution_window":{"nesting_mode":"list","block":{"attributes":{"days":{"type":["list","number"],"description_kind":"plain","optional":true}},"block_types":{"jitter":{"nesting_mode":"list","block":{"attributes":{"enabled":{"type":"bool","description_kind":"plain","optional":true},"max_delay":{"type":"number","description_kind":"plain","optional":true},"min_delay":{"type":"number","description_kind":"plain","optional":true},"skip_manual":{"type":"bool","description_kind":"plain","optional":true}},"description_kind":"plain"},"max_items":1},"whitelist":{"nesting_mode":"list","block":{"attributes":{"end_hour":{"type":"number","description_kind":"plain","optional":true},"end_min":{"type":"number","description_kind":"plain","optional":true},"start_hour":{"type":"number","description_kind":"plain","optional":true},"start_min":{"type":"number","description_kind":"plain","optional":true}},"description_kind":"plain"}}},"description_kind":"plain"},"max_items":1},"stage_enabled":{"nesting_mode":"list","block":{"attributes":{"expression":{"type":"string","description_kind":"plain","optional":true},"type":{"type":"string","description_kind":"plain","optional":true}},"description_kind":"plain"},"max_items":1}},"description_kind":"plain"}},"spinnaker_pipeline_enable_server_group_stage":{"version":0,"block":{"attributes":{"cloud_provider":{"type":"string","description":"Cloud provider to use (aws, kubernetes)","description_kind":"plain","required":true},"cloud_provider_type":{"type":"string","description":"Cloud provider to use (aws, kubernetes)","description_kind":"plain","required":true},"cluster":{"type":"string","description":"Cluster to enable","description_kind":"plain","required":true},"complete_other_branches_then_fail":{"type":"bool","description":"halt this branch and fail the pipeline once other branches complete. Prevents any stages that depend on this stage from running, but allows other branches of the pipeline to run. The pipeline will be marked as failed once complete.","description_kind":"plain","optional":true},"continue_pipeline":{"type":"bool","description":"If false, marks the stage as successful right away without waiting for the jenkins job to complete","description_kind":"plain","optional":true},"credentials":{"type":"string","description":"Credentials to use with cloud provider","description_kind":"plain","required":true},"fail_on_failed_expressions":{"type":"bool","description":"The stage will be marked as failed if it contains any failed expressions","description_kind":"plain","optional":true},"fail_pipeline":{"type":"bool","description":"If the stage fails, immediately halt execution of all running stages and fails the entire execution","description_kind":"plain","optional":true},"id":{"type":"string","description_kind":"plain","optional":true,"computed":true},"interesting_health_provider_names":{"type":["list","string"],"description":"Health provider names","description_kind":"plain","required":true},"name":{"type":"string","description":"Name of the stage","description_kind":"plain","required":true},"namespaces":{"type":["list","string"],"description":"Deploy to K8s Namespaces","description_kind":"plain","optional":true},"override_timeout":{"type":"bool","description":"[Deprecated, use stage_timeout_ms] Allows you to override the amount of time the stage can run before failing.\nNote: this represents the overall time the stage has to complete (the sum of all the task times).","description_kind":"plain","optional":true},"pipeline":{"type":"string","description":"Id of the pipeline","description_kind":"plain","required":true},"regions":{"type":["list","string"],"description":"Deploy to AWS regions","description_kind":"plain","optional":true},"required_artifact_ids":{"type":["list","string"],"description":"These artifacts must be present in the context for this stage to successfully complete. Artifacts specified will be bound to the deployed manifest.","description_kind":"plain","optional":true},"requisite_stage_ref_ids":{"type":["list","string"],"description":"Stage(s) that must be complete before this one","description_kind":"plain","optional":true},"restrict_execution_during_time_window":{"type":"bool","description":"Restrict execution to specific time windows","description_kind":"plain","optional":true},"stage_timeout_ms":{"type":"number","description":"Allows you to declare the amount of time the stage can run before failing, if override timeout is enabled.\nNote: this represents the overall time the stage has to complete (the sum of all the task times).","description_kind":"plain","optional":true},"target":{"type":"string","description":"Which version of cluster to target","description_kind":"plain","required":true}},"block_types":{"expected_artifact":{"nesting_mode":"list","block":{"attributes":{"display_name":{"type":"string","description":"Name to display","description_kind":"plain","required":true},"id":{"type":"string","description":"ID of the artifact","description_kind":"plain","computed":true},"use_default_artifact":{"type":"bool","description":"Use default artifact if missing","description_kind":"plain","optional":true},"use_prior_artifact":{"type":"bool","description":"Use prior artifact if missing","description_kind":"plain","optional":true}},"block_types":{"default_artifact":{"nesting_mode":"list","block":{"attributes":{"artifact_account":{"type":"string","description":"Account of artifact","description_kind":"plain","optional":true},"custom_kind":{"type":"bool","description":"Artifact is custom kind","description_kind":"plain","optional":true},"id":{"type":"string","description_kind":"plain","computed":true},"location":{"type":"string","description_kind":"plain","optional":true},"metadata":{"type":["map","string"],"description":"Metadata","description_kind":"plain","optional":true},"name":{"type":"string","description_kind":"plain","optional":true},"reference":{"type":"string","description_kind":"plain","optional":true},"type":{"type":"string","description_kind":"plain","optional":true},"version":{"type":"string","description_kind":"plain","optional":true}},"description_kind":"plain"},"max_items":1},"match_artifact":{"nesting_mode":"list","block":{"attributes":{"artifact_account":{"type":"string","description":"Account of artifact","description_kind":"plain","optional":true},"custom_kind":{"type":"bool","description":"Artifact is custom kind","description_kind":"plain","optional":true},"id":{"type":"string","description_kind":"plain","computed":true},"location":{"type":"string","description_kind":"plain","optional":true},"metadata":{"type":["map","string"],"description":"Metadata","description_kind":"plain","optional":true},"name":{"type":"string","description_kind":"plain","optional":true},"reference":{"type":"string","description_kind":"plain","optional":true},"type":{"type":"string","description_kind":"plain","optional":true},"version":{"type":"string","description_kind":"plain","optional":true}},"description_kind":"plain"},"min_items":1,"max_items":1}},"description_kind":"plain"}},"notification":{"nesting_mode":"list","block":{"attributes":{"address":{"type":"string","description":"Address of the notification (slack channel, email, etc)","description_kind":"plain","required":true},"type":{"type":"string","description":"Type of notification (slack, email, etc)","description_kind":"plain","required":true}},"block_types":{"message":{"nesting_mode":"list","block":{"attributes":{"complete":{"type":"string","description_kind":"plain","optional":true},"failed":{"type":"string","description_kind":"plain","optional":true},"starting":{"type":"string","description_kind":"plain","optional":true}},"description_kind":"plain"},"max_items":1},"when":{"nesting_mode":"list","block":{"attributes":{"complete":{"type":"bool","description_kind":"plain","optional":true},"failed":{"type":"bool","description_kind":"plain","optional":true},"starting":{"type":"bool","description_kind":"plain","optional":true}},"description_kind":"plain"},"min_items":1,"max_items":1}},"description_kind":"plain"}},"restricted_execution_window":{"nesting_mode":"list","block":{"attributes":{"days":{"type":["list","number"],"description_kind":"plain","optional":true}},"block_types":{"jitter":{"nesting_mode":"list","block":{"attributes":{"enabled":{"type":"bool","description_kind":"plain","optional":true},"max_delay":{"type":"number","description_kind":"plain","optional":true},"min_delay":{"type":"number","description_kind":"plain","optional":true},"skip_manual":{"type":"bool","description_kind":"plain","optional":true}},"description_kind":"plain"},"max_items":1},"whitelist":{"nesting_mode":"list","block":{"attributes":{"end_hour":{"type":"number","description_kind":"plain","optional":true},"end_min":{"type":"number","description_kind":"plain","optional":true},"start_hour":{"type":"number","description_kind":"plain","optional":true},"start_min":{"type":"number","description_kind":"plain","optional":true}},"description_kind":"plain"}}},"description_kind":"plain"},"max_items":1},"stage_enabled":{"nesting_mode":"list","block":{"attributes":{"expression":{"type":"string","description_kind":"plain","optional":true},"type":{"type":"string","description_kind":"plain","optional":true}},"description_kind":"plain"},"max_items":1}},"description_kind":"plain"}},"spinnaker_pipeline_evaluate_variables_stage":{"version":0,"block":{"attributes":{"complete_other_branches_then_fail":{"type":"bool","description":"halt this branch and fail the pipeline once other branches complete. Prevents any stages that depend on this stage from running, but allows other branches of the pipeline to run. The pipeline will be marked as failed once complete.","description_kind":"plain","optional":true},"continue_pipeline":{"type":"bool","description":"If false, marks the stage as successful right away without waiting for the jenkins job to complete","description_kind":"plain","optional":true},"fail_on_failed_expressions":{"type":"bool","description":"The stage will be marked as failed if it contains any failed expressions","description_kind":"plain","optional":true},"fail_pipeline":{"type":"bool","description":"If the stage fails, immediately halt execution of all running stages and fails the entire execution","description_kind":"plain","optional":true},"id":{"type":"string","description_kind":"plain","optional":true,"computed":true},"name":{"type":"string","description":"Name of the stage","description_kind":"plain","required":true},"override_timeout":{"type":"bool","description":"[Deprecated, use stage_timeout_ms] Allows you to override the amount of time the stage can run before failing.\nNote: this represents the overall time the stage has to complete (the sum of all the task times).","description_kind":"plain","optional":true},"pipeline":{"type":"string","description":"Id of the pipeline","description_kind":"plain","required":true},"required_artifact_ids":{"type":["list","string"],"description":"These artifacts must be present in the context for this stage to successfully complete. Artifacts specified will be bound to the deployed manifest.","description_kind":"plain","optional":true},"requisite_stage_ref_ids":{"type":["list","string"],"description":"Stage(s) that must be complete before this one","description_kind":"plain","optional":true},"restrict_execution_during_time_window":{"type":"bool","description":"Restrict execution to specific time windows","description_kind":"plain","optional":true},"stage_timeout_ms":{"type":"number","description":"Allows you to declare the amount of time the stage can run before failing, if override timeout is enabled.\nNote: this represents the overall time the stage has to complete (the sum of all the task times).","description_kind":"plain","optional":true},"variables":{"type":["map","string"],"description":"List of values to assign as variables","description_kind":"plain","required":true}},"block_types":{"expected_artifact":{"nesting_mode":"list","block":{"attributes":{"display_name":{"type":"string","description":"Name to display","description_kind":"plain","required":true},"id":{"type":"string","description":"ID of the artifact","description_kind":"plain","computed":true},"use_default_artifact":{"type":"bool","description":"Use default artifact if missing","description_kind":"plain","optional":true},"use_prior_artifact":{"type":"bool","description":"Use prior artifact if missing","description_kind":"plain","optional":true}},"block_types":{"default_artifact":{"nesting_mode":"list","block":{"attributes":{"artifact_account":{"type":"string","description":"Account of artifact","description_kind":"plain","optional":true},"custom_kind":{"type":"bool","description":"Artifact is custom kind","description_kind":"plain","optional":true},"id":{"type":"string","description_kind":"plain","computed":true},"location":{"type":"string","description_kind":"plain","optional":true},"metadata":{"type":["map","string"],"description":"Metadata","description_kind":"plain","optional":true},"name":{"type":"string","description_kind":"plain","optional":true},"reference":{"type":"string","description_kind":"plain","optional":true},"type":{"type":"string","description_kind":"plain","optional":true},"version":{"type":"string","description_kind":"plain","optional":true}},"description_kind":"plain"},"max_items":1},"match_artifact":{"nesting_mode":"list","block":{"attributes":{"artifact_account":{"type":"string","description":"Account of artifact","description_kind":"plain","optional":true},"custom_kind":{"type":"bool","description":"Artifact is custom kind","description_kind":"plain","optional":true},"id":{"type":"string","description_kind":"plain","computed":true},"location":{"type":"string","description_kind":"plain","optional":true},"metadata":{"type":["map","string"],"description":"Metadata","description_kind":"plain","optional":true},"name":{"type":"string","description_kind":"plain","optional":true},"reference":{"type":"string","description_kind":"plain","optional":true},"type":{"type":"string","description_kind":"plain","optional":true},"version":{"type":"string","description_kind":"plain","optional":true}},"description_kind":"plain"},"min_items":1,"max_items":1}},"description_kind":"plain"}},"notification":{"nesting_mode":"list","block":{"attributes":{"address":{"type":"string","description":"Address of the notification (slack channel, email, etc)","description_kind":"plain","required":true},"type":{"type":"string","description":"Type of notification (slack, email, etc)","description_kind":"plain","required":true}},"block_types":{"message":{"nesting_mode":"list","block":{"attributes":{"complete":{"type":"string","description_kind":"plain","optional":true},"failed":{"type":"string","description_kind":"plain","optional":true},"starting":{"type":"string","description_kind":"plain","optional":true}},"description_kind":"plain"},"max_items":1},"when":{"nesting_mode":"list","block":{"attributes":{"complete":{"type":"bool","description_kind":"plain","optional":true},"failed":{"type":"bool","description_kind":"plain","optional":true},"starting":{"type":"bool","description_kind":"plain","optional":true}},"description_kind":"plain"},"min_items":1,"max_items":1}},"description_kind":"plain"}},"restricted_execution_window":{"nesting_mode":"list","block":{"attributes":{"days":{"type":["list","number"],"description_kind":"plain","optional":true}},"block_types":{"jitter":{"nesting_mode":"list","block":{"attributes":{"enabled":{"type":"bool","description_kind":"plain","optional":true},"max_delay":{"type":"number","description_kind":"plain","optional":true},"min_delay":{"type":"number","description_kind":"plain","optional":true},"skip_manual":{"type":"bool","description_kind":"plain","optional":true}},"description_kind":"plain"},"max_items":1},"whitelist":{"nesting_mode":"list","block":{"attributes":{"end_hour":{"type":"number","description_kind":"plain","optional":true},"end_min":{"type":"number","description_kind":"plain","optional":true},"start_hour":{"type":"number","description_kind":"plain","optional":true},"start_min":{"type":"number","description_kind":"plain","optional":true}},"description_kind":"plain"}}},"description_kind":"plain"},"max_items":1},"stage_enabled":{"nesting_mode":"list","block":{"attributes":{"expression":{"type":"string","description_kind":"plain","optional":true},"type":{"type":"string","description_kind":"plain","optional":true}},"description_kind":"plain"},"max_items":1}},"description_kind":"plain"}},"spinnaker_pipeline_find_artifacts_from_resource_stage":{"version":0,"block":{"attributes":{"account":{"type":"string","description":"Spinnaker account for cloud provider","description_kind":"plain","required":true},"cloud_provider":{"type":"string","description":"Cloud provider to use (kubernetes)","description_kind":"plain","required":true},"complete_other_branches_then_fail":{"type":"bool","description":"halt this branch and fail the pipeline once other branches complete. Prevents any stages that depend on this stage from running, but allows other branches of the pipeline to run. The pipeline will be marked as failed once complete.","description_kind":"plain","optional":true},"continue_pipeline":{"type":"bool","description":"If false, marks the stage as successful right away without waiting for the jenkins job to complete","description_kind":"plain","optional":true},"fail_on_failed_expressions":{"type":"bool","description":"The stage will be marked as failed if it contains any failed expressions","description_kind":"plain","optional":true},"fail_pipeline":{"type":"bool","description":"If the stage fails, immediately halt execution of all running stages and fails the entire execution","description_kind":"plain","optional":true},"id":{"type":"string","description_kind":"plain","optional":true,"computed":true},"location":{"type":"string","description":"Location in cloud provider to search (k8s namespaces)","description_kind":"plain","required":true},"manifest_name":{"type":"string","description":"If mode is static, resource manifest name","description_kind":"plain","optional":true},"mode":{"type":"string","description":"Manifest Selector (static, dynamic)","description_kind":"plain","required":true},"name":{"type":"string","description":"Name of the stage","description_kind":"plain","required":true},"override_timeout":{"type":"bool","description":"[Deprecated, use stage_timeout_ms] Allows you to override the amount of time the stage can run before failing.\nNote: this represents the overall time the stage has to complete (the sum of all the task times).","description_kind":"plain","optional":true},"pipeline":{"type":"string","description":"Id of the pipeline","description_kind":"plain","required":true},"required_artifact_ids":{"type":["list","string"],"description":"These artifacts must be present in the context for this stage to successfully complete. Artifacts specified will be bound to the deployed manifest.","description_kind":"plain","optional":true},"requisite_stage_ref_ids":{"type":["list","string"],"description":"Stage(s) that must be complete before this one","description_kind":"plain","optional":true},"restrict_execution_during_time_window":{"type":"bool","description":"Restrict execution to specific time windows","description_kind":"plain","optional":true},"stage_timeout_ms":{"type":"number","description":"Allows you to declare the amount of time the stage can run before failing, if override timeout is enabled.\nNote: this represents the overall time the stage has to complete (the sum of all the task times).","description_kind":"plain","optional":true}},"block_types":{"expected_artifact":{"nesting_mode":"list","block":{"attributes":{"display_name":{"type":"string","description":"Name to display","description_kind":"plain","required":true},"id":{"type":"string","description":"ID of the artifact","description_kind":"plain","computed":true},"use_default_artifact":{"type":"bool","description":"Use default artifact if missing","description_kind":"plain","optional":true},"use_prior_artifact":{"type":"bool","description":"Use prior artifact if missing","description_kind":"plain","optional":true}},"block_types":{"default_artifact":{"nesting_mode":"list","block":{"attributes":{"artifact_account":{"type":"string","description":"Account of artifact","description_kind":"plain","optional":true},"custom_kind":{"type":"bool","description":"Artifact is custom kind","description_kind":"plain","optional":true},"id":{"type":"string","description_kind":"plain","computed":true},"location":{"type":"string","description_kind":"plain","optional":true},"metadata":{"type":["map","string"],"description":"Metadata","description_kind":"plain","optional":true},"name":{"type":"string","description_kind":"plain","optional":true},"reference":{"type":"string","description_kind":"plain","optional":true},"type":{"type":"string","description_kind":"plain","optional":true},"version":{"type":"string","description_kind":"plain","optional":true}},"description_kind":"plain"},"max_items":1},"match_artifact":{"nesting_mode":"list","block":{"attributes":{"artifact_account":{"type":"string","description":"Account of artifact","description_kind":"plain","optional":true},"custom_kind":{"type":"bool","description":"Artifact is custom kind","description_kind":"plain","optional":true},"id":{"type":"string","description_kind":"plain","computed":true},"location":{"type":"string","description_kind":"plain","optional":true},"metadata":{"type":["map","string"],"description":"Metadata","description_kind":"plain","optional":true},"name":{"type":"string","description_kind":"plain","optional":true},"reference":{"type":"string","description_kind":"plain","optional":true},"type":{"type":"string","description_kind":"plain","optional":true},"version":{"type":"string","description_kind":"plain","optional":true}},"description_kind":"plain"},"min_items":1,"max_items":1}},"description_kind":"plain"}},"notification":{"nesting_mode":"list","block":{"attributes":{"address":{"type":"string","description":"Address of the notification (slack channel, email, etc)","description_kind":"plain","required":true},"type":{"type":"string","description":"Type of notification (slack, email, etc)","description_kind":"plain","required":true}},"block_types":{"message":{"nesting_mode":"list","block":{"attributes":{"complete":{"type":"string","description_kind":"plain","optional":true},"failed":{"type":"string","description_kind":"plain","optional":true},"starting":{"type":"string","description_kind":"plain","optional":true}},"description_kind":"plain"},"max_items":1},"when":{"nesting_mode":"list","block":{"attributes":{"complete":{"type":"bool","description_kind":"plain","optional":true},"failed":{"type":"bool","description_kind":"plain","optional":true},"starting":{"type":"bool","description_kind":"plain","optional":true}},"description_kind":"plain"},"min_items":1,"max_items":1}},"description_kind":"plain"}},"restricted_execution_window":{"nesting_mode":"list","block":{"attributes":{"days":{"type":["list","number"],"description_kind":"plain","optional":true}},"block_types":{"jitter":{"nesting_mode":"list","block":{"attributes":{"enabled":{"type":"bool","description_kind":"plain","optional":true},"max_delay":{"type":"number","description_kind":"plain","optional":true},"min_delay":{"type":"number","description_kind":"plain","optional":true},"skip_manual":{"type":"bool","description_kind":"plain","optional":true}},"description_kind":"plain"},"max_items":1},"whitelist":{"nesting_mode":"list","block":{"attributes":{"end_hour":{"type":"number","description_kind":"plain","optional":true},"end_min":{"type":"number","description_kind":"plain","optional":true},"start_hour":{"type":"number","description_kind":"plain","optional":true},"start_min":{"type":"number","description_kind":"plain","optional":true}},"description_kind":"plain"}}},"description_kind":"plain"},"max_items":1},"stage_enabled":{"nesting_mode":"list","block":{"attributes":{"expression":{"type":"string","description_kind":"plain","optional":true},"type":{"type":"string","description_kind":"plain","optional":true}},"description_kind":"plain"},"max_items":1}},"description_kind":"plain"}},"spinnaker_pipeline_find_image_from_tags_stage":{"version":0,"block":{"attributes":{"cloud_provider":{"type":"string","description":"Cloud provider to use (aws)","description_kind":"plain","required":true},"cloud_provider_type":{"type":"string","description":"Cloud provider to use (aws)","description_kind":"plain","required":true},"complete_other_branches_then_fail":{"type":"bool","description":"halt this branch and fail the pipeline once other branches complete. Prevents any stages that depend on this stage from running, but allows other branches of the pipeline to run. The pipeline will be marked as failed once complete.","description_kind":"plain","optional":true},"continue_pipeline":{"type":"bool","description":"If false, marks the stage as successful right away without waiting for the jenkins job to complete","description_kind":"plain","optional":true},"fail_on_failed_expressions":{"type":"bool","description":"The stage will be marked as failed if it contains any failed expressions","description_kind":"plain","optional":true},"fail_pipeline":{"type":"bool","description":"If the stage fails, immediately halt execution of all running stages and fails the entire execution","description_kind":"plain","optional":true},"id":{"type":"string","description_kind":"plain","optional":true,"computed":true},"name":{"type":"string","description":"Name of the stage","description_kind":"plain","required":true},"override_timeout":{"type":"bool","description":"[Deprecated, use stage_timeout_ms] Allows you to override the amount of time the stage can run before failing.\nNote: this represents the overall time the stage has to complete (the sum of all the task times).","description_kind":"plain","optional":true},"package_name":{"type":"string","description":"Label of the base ami to use. If Base AMI is specified, this will be used instead of the Base OS provided","description_kind":"plain","optional":true},"pipeline":{"type":"string","description":"Id of the pipeline","description_kind":"plain","required":true},"regions":{"type":["list","string"],"description":"regions to target (us-east-1)","description_kind":"plain","optional":true},"required_artifact_ids":{"type":["list","string"],"description":"These artifacts must be present in the context for this stage to successfully complete. Artifacts specified will be bound to the deployed manifest.","description_kind":"plain","optional":true},"requisite_stage_ref_ids":{"type":["list","string"],"description":"Stage(s) that must be complete before this one","description_kind":"plain","optional":true},"restrict_execution_during_time_window":{"type":"bool","description":"Restrict execution to specific time windows","description_kind":"plain","optional":true},"stage_timeout_ms":{"type":"number","description":"Allows you to declare the amount of time the stage can run before failing, if override timeout is enabled.\nNote: this represents the overall time the stage has to complete (the sum of all the task times).","description_kind":"plain","optional":true},"tags":{"type":["map","string"],"description":"Tags of base ami to use.","description_kind":"plain","optional":true}},"block_types":{"expected_artifact":{"nesting_mode":"list","block":{"attributes":{"display_name":{"type":"string","description":"Name to display","description_kind":"plain","required":true},"id":{"type":"string","description":"ID of the artifact","description_kind":"plain","computed":true},"use_default_artifact":{"type":"bool","description":"Use default artifact if missing","description_kind":"plain","optional":true},"use_prior_artifact":{"type":"bool","description":"Use prior artifact if missing","description_kind":"plain","optional":true}},"block_types":{"default_artifact":{"nesting_mode":"list","block":{"attributes":{"artifact_account":{"type":"string","description":"Account of artifact","description_kind":"plain","optional":true},"custom_kind":{"type":"bool","description":"Artifact is custom kind","description_kind":"plain","optional":true},"id":{"type":"string","description_kind":"plain","computed":true},"location":{"type":"string","description_kind":"plain","optional":true},"metadata":{"type":["map","string"],"description":"Metadata","description_kind":"plain","optional":true},"name":{"type":"string","description_kind":"plain","optional":true},"reference":{"type":"string","description_kind":"plain","optional":true},"type":{"type":"string","description_kind":"plain","optional":true},"version":{"type":"string","description_kind":"plain","optional":true}},"description_kind":"plain"},"max_items":1},"match_artifact":{"nesting_mode":"list","block":{"attributes":{"artifact_account":{"type":"string","description":"Account of artifact","description_kind":"plain","optional":true},"custom_kind":{"type":"bool","description":"Artifact is custom kind","description_kind":"plain","optional":true},"id":{"type":"string","description_kind":"plain","computed":true},"location":{"type":"string","description_kind":"plain","optional":true},"metadata":{"type":["map","string"],"description":"Metadata","description_kind":"plain","optional":true},"name":{"type":"string","description_kind":"plain","optional":true},"reference":{"type":"string","description_kind":"plain","optional":true},"type":{"type":"string","description_kind":"plain","optional":true},"version":{"type":"string","description_kind":"plain","optional":true}},"description_kind":"plain"},"min_items":1,"max_items":1}},"description_kind":"plain"}},"notification":{"nesting_mode":"list","block":{"attributes":{"address":{"type":"string","description":"Address of the notification (slack channel, email, etc)","description_kind":"plain","required":true},"type":{"type":"string","description":"Type of notification (slack, email, etc)","description_kind":"plain","required":true}},"block_types":{"message":{"nesting_mode":"list","block":{"attributes":{"complete":{"type":"string","description_kind":"plain","optional":true},"failed":{"type":"string","description_kind":"plain","optional":true},"starting":{"type":"string","description_kind":"plain","optional":true}},"description_kind":"plain"},"max_items":1},"when":{"nesting_mode":"list","block":{"attributes":{"complete":{"type":"bool","description_kind":"plain","optional":true},"failed":{"type":"bool","description_kind":"plain","optional":true},"starting":{"type":"bool","description_kind":"plain","optional":true}},"description_kind":"plain"},"min_items":1,"max_items":1}},"description_kind":"plain"}},"restricted_execution_window":{"nesting_mode":"list","block":{"attributes":{"days":{"type":["list","number"],"description_kind":"plain","optional":true}},"block_types":{"jitter":{"nesting_mode":"list","block":{"attributes":{"enabled":{"type":"bool","description_kind":"plain","optional":true},"max_delay":{"type":"number","description_kind":"plain","optional":true},"min_delay":{"type":"number","description_kind":"plain","optional":true},"skip_manual":{"type":"bool","description_kind":"plain","optional":true}},"description_kind":"plain"},"max_items":1},"whitelist":{"nesting_mode":"list","block":{"attributes":{"end_hour":{"type":"number","description_kind":"plain","optional":true},"end_min":{"type":"number","description_kind":"plain","optional":true},"start_hour":{"type":"number","description_kind":"plain","optional":true},"start_min":{"type":"number","description_kind":"plain","optional":true}},"description_kind":"plain"}}},"description_kind":"plain"},"max_items":1},"stage_enabled":{"nesting_mode":"list","block":{"attributes":{"expression":{"type":"string","description_kind":"plain","optional":true},"type":{"type":"string","description_kind":"plain","optional":true}},"description_kind":"plain"},"max_items":1}},"description_kind":"plain"}},"spinnaker_pipeline_jenkins_stage":{"version":0,"block":{"attributes":{"complete_other_branches_then_fail":{"type":"bool","description":"halt this branch and fail the pipeline once other branches complete. Prevents any stages that depend on this stage from running, but allows other branches of the pipeline to run. The pipeline will be marked as failed once complete.","description_kind":"plain","optional":true},"continue_pipeline":{"type":"bool","description":"If false, marks the stage as successful right away without waiting for the jenkins job to complete","description_kind":"plain","optional":true},"fail_on_failed_expressions":{"type":"bool","description":"The stage will be marked as failed if it contains any failed expressions","description_kind":"plain","optional":true},"fail_pipeline":{"type":"bool","description":"If the stage fails, immediately halt execution of all running stages and fails the entire execution","description_kind":"plain","optional":true},"id":{"type":"string","description_kind":"plain","optional":true,"computed":true},"job":{"type":"string","description":"Name of the Jenkins job to execute","description_kind":"plain","required":true},"mark_unstable_as_successful":{"type":"bool","description":"If Jenkins reports the build status as UNSTABLE, Spinnaker will mark the stage as SUCCEEDED and continue execution of the pipeline","description_kind":"plain","optional":true},"master":{"type":"string","description":"Name of the Jenkins master where the job will be executed","description_kind":"plain","required":true},"name":{"type":"string","description":"Name of the stage","description_kind":"plain","required":true},"override_timeout":{"type":"bool","description":"[Deprecated, use stage_timeout_ms] Allows you to override the amount of time the stage can run before failing.\nNote: this represents the overall time the stage has to complete (the sum of all the task times).","description_kind":"plain","optional":true},"parameters":{"type":["map","string"],"description":"Parameters to pass to the Jenkins job","description_kind":"plain","optional":true},"pipeline":{"type":"string","description":"Id of the pipeline","description_kind":"plain","required":true},"property_file":{"type":"string","description":"Name of the property file to use for results","description_kind":"plain","optional":true},"required_artifact_ids":{"type":["list","string"],"description":"These artifacts must be present in the context for this stage to successfully complete. Artifacts specified will be bound to the deployed manifest.","description_kind":"plain","optional":true},"requisite_stage_ref_ids":{"type":["list","string"],"description":"Stage(s) that must be complete before this one","description_kind":"plain","optional":true},"restrict_execution_during_time_window":{"type":"bool","description":"Restrict execution to specific time windows","description_kind":"plain","optional":true},"stage_timeout_ms":{"type":"number","description":"Allows you to declare the amount of time the stage can run before failing, if override timeout is enabled.\nNote: this represents the overall time the stage has to complete (the sum of all the task times).","description_kind":"plain","optional":true}},"block_types":{"expected_artifact":{"nesting_mode":"list","block":{"attributes":{"display_name":{"type":"string","description":"Name to display","description_kind":"plain","required":true},"id":{"type":"string","description":"ID of the artifact","description_kind":"plain","computed":true},"use_default_artifact":{"type":"bool","description":"Use default artifact if missing","description_kind":"plain","optional":true},"use_prior_artifact":{"type":"bool","description":"Use prior artifact if missing","description_kind":"plain","optional":true}},"block_types":{"default_artifact":{"nesting_mode":"list","block":{"attributes":{"artifact_account":{"type":"string","description":"Account of artifact","description_kind":"plain","optional":true},"custom_kind":{"type":"bool","description":"Artifact is custom kind","description_kind":"plain","optional":true},"id":{"type":"string","description_kind":"plain","computed":true},"location":{"type":"string","description_kind":"plain","optional":true},"metadata":{"type":["map","string"],"description":"Metadata","description_kind":"plain","optional":true},"name":{"type":"string","description_kind":"plain","optional":true},"reference":{"type":"string","description_kind":"plain","optional":true},"type":{"type":"string","description_kind":"plain","optional":true},"version":{"type":"string","description_kind":"plain","optional":true}},"description_kind":"plain"},"max_items":1},"match_artifact":{"nesting_mode":"list","block":{"attributes":{"artifact_account":{"type":"string","description":"Account of artifact","description_kind":"plain","optional":true},"custom_kind":{"type":"bool","description":"Artifact is custom kind","description_kind":"plain","optional":true},"id":{"type":"string","description_kind":"plain","computed":true},"location":{"type":"string","description_kind":"plain","optional":true},"metadata":{"type":["map","string"],"description":"Metadata","description_kind":"plain","optional":true},"name":{"type":"string","description_kind":"plain","optional":true},"reference":{"type":"string","description_kind":"plain","optional":true},"type":{"type":"string","description_kind":"plain","optional":true},"version":{"type":"string","description_kind":"plain","optional":true}},"description_kind":"plain"},"min_items":1,"max_items":1}},"description_kind":"plain"}},"notification":{"nesting_mode":"list","block":{"attributes":{"address":{"type":"string","description":"Address of the notification (slack channel, email, etc)","description_kind":"plain","required":true},"type":{"type":"string","description":"Type of notification (slack, email, etc)","description_kind":"plain","required":true}},"block_types":{"message":{"nesting_mode":"list","block":{"attributes":{"complete":{"type":"string","description_kind":"plain","optional":true},"failed":{"type":"string","description_kind":"plain","optional":true},"starting":{"type":"string","description_kind":"plain","optional":true}},"description_kind":"plain"},"max_items":1},"when":{"nesting_mode":"list","block":{"attributes":{"complete":{"type":"bool","description_kind":"plain","optional":true},"failed":{"type":"bool","description_kind":"plain","optional":true},"starting":{"type":"bool","description_kind":"plain","optional":true}},"description_kind":"plain"},"min_items":1,"max_items":1}},"description_kind":"plain"}},"restricted_execution_window":{"nesting_mode":"list","block":{"attributes":{"days":{"type":["list","number"],"description_kind":"plain","optional":true}},"block_types":{"jitter":{"nesting_mode":"list","block":{"attributes":{"enabled":{"type":"bool","description_kind":"plain","optional":true},"max_delay":{"type":"number","description_kind":"plain","optional":true},"min_delay":{"type":"number","description_kind":"plain","optional":true},"skip_manual":{"type":"bool","description_kind":"plain","optional":true}},"description_kind":"plain"},"max_items":1},"whitelist":{"nesting_mode":"list","block":{"attributes":{"end_hour":{"type":"number","description_kind":"plain","optional":true},"end_min":{"type":"number","description_kind":"plain","optional":true},"start_hour":{"type":"number","description_kind":"plain","optional":true},"start_min":{"type":"number","description_kind":"plain","optional":true}},"description_kind":"plain"}}},"description_kind":"plain"},"max_items":1},"stage_enabled":{"nesting_mode":"list","block":{"attributes":{"expression":{"type":"string","description_kind":"plain","optional":true},"type":{"type":"string","description_kind":"plain","optional":true}},"description_kind":"plain"},"max_items":1}},"description_kind":"plain"}},"spinnaker_pipeline_jenkins_trigger":{"version":0,"block":{"attributes":{"enabled":{"type":"bool","description":"If the trigger is enabled","description_kind":"plain","optional":true},"id":{"type":"string","description_kind":"plain","optional":true,"computed":true},"job":{"type":"string","description":"Name of the job","description_kind":"plain","required":true},"master":{"type":"string","description":"Name of the job master","description_kind":"plain","required":true},"pipeline":{"type":"string","description":"Id of the pipeline to trigger","description_kind":"plain","required":true},"property_file":{"type":"string","description":"Name of file to use for properties","description_kind":"plain","optional":true},"type":{"type":"string","description":"[DEPRECATED] Type of trigger, not used use explicit trigger resource","description_kind":"plain","optional":true}},"description_kind":"plain"}},"spinnaker_pipeline_manual_judgment_stage":{"version":0,"block":{"attributes":{"complete_other_branches_then_fail":{"type":"bool","description":"halt this branch and fail the pipeline once other branches complete. Prevents any stages that depend on this stage from running, but allows other branches of the pipeline to run. The pipeline will be marked as failed once complete.","description_kind":"plain","optional":true},"continue_pipeline":{"type":"bool","description":"If false, marks the stage as successful right away without waiting for the jenkins job to complete","description_kind":"plain","optional":true},"fail_on_failed_expressions":{"type":"bool","description":"The stage will be marked as failed if it contains any failed expressions","description_kind":"plain","optional":true},"fail_pipeline":{"type":"bool","description":"If the stage fails, immediately halt execution of all running stages and fails the entire execution","description_kind":"plain","optional":true},"id":{"type":"string","description_kind":"plain","optional":true,"computed":true},"instructions":{"type":"string","description":"Instructions","description_kind":"plain","optional":true},"judgment_inputs":{"type":["list","string"],"description":"Judgment Inputs","description_kind":"plain","required":true},"name":{"type":"string","description":"Name of the stage","description_kind":"plain","required":true},"override_timeout":{"type":"bool","description":"[Deprecated, use stage_timeout_ms] Allows you to override the amount of time the stage can run before failing.\nNote: this represents the overall time the stage has to complete (the sum of all the task times).","description_kind":"plain","optional":true},"pipeline":{"type":"string","description":"Id of the pipeline","description_kind":"plain","required":true},"required_artifact_ids":{"type":["list","string"],"description":"These artifacts must be present in the context for this stage to successfully complete. Artifacts specified will be bound to the deployed manifest.","description_kind":"plain","optional":true},"requisite_stage_ref_ids":{"type":["list","string"],"description":"Stage(s) that must be complete before this one","description_kind":"plain","optional":true},"restrict_execution_during_time_window":{"type":"bool","description":"Restrict execution to specific time windows","description_kind":"plain","optional":true},"stage_timeout_ms":{"type":"number","description":"Allows you to declare the amount of time the stage can run before failing, if override timeout is enabled.\nNote: this represents the overall time the stage has to complete (the sum of all the task times).","description_kind":"plain","optional":true}},"block_types":{"expected_artifact":{"nesting_mode":"list","block":{"attributes":{"display_name":{"type":"string","description":"Name to display","description_kind":"plain","required":true},"id":{"type":"string","description":"ID of the artifact","description_kind":"plain","computed":true},"use_default_artifact":{"type":"bool","description":"Use default artifact if missing","description_kind":"plain","optional":true},"use_prior_artifact":{"type":"bool","description":"Use prior artifact if missing","description_kind":"plain","optional":true}},"block_types":{"default_artifact":{"nesting_mode":"list","block":{"attributes":{"artifact_account":{"type":"string","description":"Account of artifact","description_kind":"plain","optional":true},"custom_kind":{"type":"bool","description":"Artifact is custom kind","description_kind":"plain","optional":true},"id":{"type":"string","description_kind":"plain","computed":true},"location":{"type":"string","description_kind":"plain","optional":true},"metadata":{"type":["map","string"],"description":"Metadata","description_kind":"plain","optional":true},"name":{"type":"string","description_kind":"plain","optional":true},"reference":{"type":"string","description_kind":"plain","optional":true},"type":{"type":"string","description_kind":"plain","optional":true},"version":{"type":"string","description_kind":"plain","optional":true}},"description_kind":"plain"},"max_items":1},"match_artifact":{"nesting_mode":"list","block":{"attributes":{"artifact_account":{"type":"string","description":"Account of artifact","description_kind":"plain","optional":true},"custom_kind":{"type":"bool","description":"Artifact is custom kind","description_kind":"plain","optional":true},"id":{"type":"string","description_kind":"plain","computed":true},"location":{"type":"string","description_kind":"plain","optional":true},"metadata":{"type":["map","string"],"description":"Metadata","description_kind":"plain","optional":true},"name":{"type":"string","description_kind":"plain","optional":true},"reference":{"type":"string","description_kind":"plain","optional":true},"type":{"type":"string","description_kind":"plain","optional":true},"version":{"type":"string","description_kind":"plain","optional":true}},"description_kind":"plain"},"min_items":1,"max_items":1}},"description_kind":"plain"}},"notification":{"nesting_mode":"list","block":{"attributes":{"address":{"type":"string","description":"Address of the notification (slack channel, email, etc)","description_kind":"plain","required":true},"type":{"type":"string","description":"Type of notification (slack, email, etc)","description_kind":"plain","required":true}},"block_types":{"message":{"nesting_mode":"list","block":{"attributes":{"manual_judgment_continue":{"type":"string","description_kind":"plain","optional":true},"manual_judgment_stop":{"type":"string","description_kind":"plain","optional":true}},"description_kind":"plain"},"max_items":1},"when":{"nesting_mode":"list","block":{"attributes":{"manual_judgment":{"type":"bool","description_kind":"plain","optional":true},"manual_judgment_continue":{"type":"bool","description_kind":"plain","optional":true},"manual_judgment_stop":{"type":"bool","description_kind":"plain","optional":true}},"description_kind":"plain"},"min_items":1,"max_items":1}},"description_kind":"plain"}},"restricted_execution_window":{"nesting_mode":"list","block":{"attributes":{"days":{"type":["list","number"],"description_kind":"plain","optional":true}},"block_types":{"jitter":{"nesting_mode":"list","block":{"attributes":{"enabled":{"type":"bool","description_kind":"plain","optional":true},"max_delay":{"type":"number","description_kind":"plain","optional":true},"min_delay":{"type":"number","description_kind":"plain","optional":true},"skip_manual":{"type":"bool","description_kind":"plain","optional":true}},"description_kind":"plain"},"max_items":1},"whitelist":{"nesting_mode":"list","block":{"attributes":{"end_hour":{"type":"number","description_kind":"plain","optional":true},"end_min":{"type":"number","description_kind":"plain","optional":true},"start_hour":{"type":"number","description_kind":"plain","optional":true},"start_min":{"type":"number","description_kind":"plain","optional":true}},"description_kind":"plain"}}},"description_kind":"plain"},"max_items":1},"stage_enabled":{"nesting_mode":"list","block":{"attributes":{"expression":{"type":"string","description_kind":"plain","optional":true},"type":{"type":"string","description_kind":"plain","optional":true}},"description_kind":"plain"},"max_items":1}},"description_kind":"plain"}},"spinnaker_pipeline_notification":{"version":0,"block":{"attributes":{"address":{"type":"string","description":"Address of the notification (slack channel, email, etc)","description_kind":"plain","required":true},"id":{"type":"string","description_kind":"plain","optional":true,"computed":true},"pipeline":{"type":"string","description":"Id of the pipeline to send notification","description_kind":"plain","required":true},"type":{"type":"string","description":"Type of notification (slack, email, etc)","description_kind":"plain","required":true}},"block_types":{"message":{"nesting_mode":"list","block":{"attributes":{"complete":{"type":"string","description_kind":"plain","optional":true},"failed":{"type":"string","description_kind":"plain","optional":true},"starting":{"type":"string","description_kind":"plain","optional":true}},"description_kind":"plain"},"max_items":1},"when":{"nesting_mode":"list","block":{"attributes":{"complete":{"type":"bool","description_kind":"plain","optional":true},"failed":{"type":"bool","description_kind":"plain","optional":true},"starting":{"type":"bool","description_kind":"plain","optional":true}},"description_kind":"plain"},"min_items":1,"max_items":1}},"description_kind":"plain"}},"spinnaker_pipeline_parameter":{"version":0,"block":{"attributes":{"default":{"type":"string","description":"Default value","description_kind":"plain","optional":true},"description":{"type":"string","description_kind":"plain","optional":true},"id":{"type":"string","description_kind":"plain","optional":true,"computed":true},"label":{"type":"string","description":"A label to display when users are triggering the pipeline manually","description_kind":"plain","optional":true},"name":{"type":"string","description_kind":"plain","required":true},"pipeline":{"type":"string","description":"Id of the pipeline to add parameter","description_kind":"plain","required":true},"required":{"type":"bool","description_kind":"plain","optional":true}},"block_types":{"option":{"nesting_mode":"list","block":{"attributes":{"value":{"type":"string","description_kind":"plain","required":true}},"description_kind":"plain"}}},"description_kind":"plain"}},"spinnaker_pipeline_patch_manifest_stage":{"version":0,"block":{"attributes":{"account":{"type":"string","description_kind":"plain","required":true},"app":{"type":"string","description_kind":"plain","optional":true},"cloud_provider":{"type":"string","description_kind":"plain","optional":true},"cluster":{"type":"string","description_kind":"plain","optional":true},"complete_other_branches_then_fail":{"type":"bool","description":"halt this branch and fail the pipeline once other branches complete. Prevents any stages that depend on this stage from running, but allows other branches of the pipeline to run. The pipeline will be marked as failed once complete.","description_kind":"plain","optional":true},"continue_pipeline":{"type":"bool","description":"If false, marks the stage as successful right away without waiting for the jenkins job to complete","description_kind":"plain","optional":true},"criteria":{"type":"string","description_kind":"plain","optional":true},"fail_on_failed_expressions":{"type":"bool","description":"The stage will be marked as failed if it contains any failed expressions","description_kind":"plain","optional":true},"fail_pipeline":{"type":"bool","description":"If the stage fails, immediately halt execution of all running stages and fails the entire execution","description_kind":"plain","optional":true},"id":{"type":"string","description_kind":"plain","optional":true,"computed":true},"kind":{"type":"string","description_kind":"plain","optional":true},"location":{"type":"string","description_kind":"plain","optional":true},"manifest_name":{"type":"string","description_kind":"plain","optional":true},"mode":{"type":"string","description_kind":"plain","optional":true},"name":{"type":"string","description":"Name of the stage","description_kind":"plain","required":true},"override_timeout":{"type":"bool","description":"[Deprecated, use stage_timeout_ms] Allows you to override the amount of time the stage can run before failing.\nNote: this represents the overall time the stage has to complete (the sum of all the task times).","description_kind":"plain","optional":true},"patch_body":{"type":["list","string"],"description_kind":"plain","optional":true},"pipeline":{"type":"string","description":"Id of the pipeline","description_kind":"plain","required":true},"required_artifact_ids":{"type":["list","string"],"description":"These artifacts must be present in the context for this stage to successfully complete. Artifacts specified will be bound to the deployed manifest.","description_kind":"plain","optional":true},"requisite_stage_ref_ids":{"type":["list","string"],"description":"Stage(s) that must be complete before this one","description_kind":"plain","optional":true},"restrict_execution_during_time_window":{"type":"bool","description":"Restrict execution to specific time windows","description_kind":"plain","optional":true},"source":{"type":"string","description_kind":"plain","optional":true},"stage_timeout_ms":{"type":"number","description":"Allows you to declare the amount of time the stage can run before failing, if override timeout is enabled.\nNote: this represents the overall time the stage has to complete (the sum of all the task times).","description_kind":"plain","optional":true}},"block_types":{"expected_artifact":{"nesting_mode":"list","block":{"attributes":{"display_name":{"type":"string","description":"Name to display","description_kind":"plain","required":true},"id":{"type":"string","description":"ID of the artifact","description_kind":"plain","computed":true},"use_default_artifact":{"type":"bool","description":"Use default artifact if missing","description_kind":"plain","optional":true},"use_prior_artifact":{"type":"bool","description":"Use prior artifact if missing","description_kind":"plain","optional":true}},"block_types":{"default_artifact":{"nesting_mode":"list","block":{"attributes":{"artifact_account":{"type":"string","description":"Account of artifact","description_kind":"plain","optional":true},"custom_kind":{"type":"bool","description":"Artifact is custom kind","description_kind":"plain","optional":true},"id":{"type":"string","description_kind":"plain","computed":true},"location":{"type":"string","description_kind":"plain","optional":true},"metadata":{"type":["map","string"],"description":"Metadata","description_kind":"plain","optional":true},"name":{"type":"string","description_kind":"plain","optional":true},"reference":{"type":"string","description_kind":"plain","optional":true},"type":{"type":"string","description_kind":"plain","optional":true},"version":{"type":"string","description_kind":"plain","optional":true}},"description_kind":"plain"},"max_items":1},"match_artifact":{"nesting_mode":"list","block":{"attributes":{"artifact_account":{"type":"string","description":"Account of artifact","description_kind":"plain","optional":true},"custom_kind":{"type":"bool","description":"Artifact is custom kind","description_kind":"plain","optional":true},"id":{"type":"string","description_kind":"plain","computed":true},"location":{"type":"string","description_kind":"plain","optional":true},"metadata":{"type":["map","string"],"description":"Metadata","description_kind":"plain","optional":true},"name":{"type":"string","description_kind":"plain","optional":true},"reference":{"type":"string","description_kind":"plain","optional":true},"type":{"type":"string","description_kind":"plain","optional":true},"version":{"type":"string","description_kind":"plain","optional":true}},"description_kind":"plain"},"min_items":1,"max_items":1}},"description_kind":"plain"}},"notification":{"nesting_mode":"list","block":{"attributes":{"address":{"type":"string","description":"Address of the notification (slack channel, email, etc)","description_kind":"plain","required":true},"type":{"type":"string","description":"Type of notification (slack, email, etc)","description_kind":"plain","required":true}},"block_types":{"message":{"nesting_mode":"list","block":{"attributes":{"complete":{"type":"string","description_kind":"plain","optional":true},"failed":{"type":"string","description_kind":"plain","optional":true},"starting":{"type":"string","description_kind":"plain","optional":true}},"description_kind":"plain"},"max_items":1},"when":{"nesting_mode":"list","block":{"attributes":{"complete":{"type":"bool","description_kind":"plain","optional":true},"failed":{"type":"bool","description_kind":"plain","optional":true},"starting":{"type":"bool","description_kind":"plain","optional":true}},"description_kind":"plain"},"min_items":1,"max_items":1}},"description_kind":"plain"}},"options":{"nesting_mode":"list","block":{"attributes":{"merge_strategy":{"type":"string","description_kind":"plain","required":true},"record":{"type":"bool","description_kind":"plain","optional":true}},"description_kind":"plain"},"min_items":1},"restricted_execution_window":{"nesting_mode":"list","block":{"attributes":{"days":{"type":["list","number"],"description_kind":"plain","optional":true}},"block_types":{"jitter":{"nesting_mode":"list","block":{"attributes":{"enabled":{"type":"bool","description_kind":"plain","optional":true},"max_delay":{"type":"number","description_kind":"plain","optional":true},"min_delay":{"type":"number","description_kind":"plain","optional":true},"skip_manual":{"type":"bool","description_kind":"plain","optional":true}},"description_kind":"plain"},"max_items":1},"whitelist":{"nesting_mode":"list","block":{"attributes":{"end_hour":{"type":"number","description_kind":"plain","optional":true},"end_min":{"type":"number","description_kind":"plain","optional":true},"start_hour":{"type":"number","description_kind":"plain","optional":true},"start_min":{"type":"number","description_kind":"plain","optional":true}},"description_kind":"plain"}}},"description_kind":"plain"},"max_items":1},"stage_enabled":{"nesting_mode":"list","block":{"attributes":{"expression":{"type":"string","description_kind":"plain","optional":true},"type":{"type":"string","description_kind":"plain","optional":true}},"description_kind":"plain"},"max_items":1}},"description_kind":"plain"}},"spinnaker_pipeline_pipeline_stage":{"version":0,"block":{"attributes":{"application":{"type":"string","description":"Application with target pipeline","description_kind":"plain","required":true},"complete_other_branches_then_fail":{"type":"bool","description":"halt this branch and fail the pipeline once other branches complete. Prevents any stages that depend on this stage from running, but allows other branches of the pipeline to run. The pipeline will be marked as failed once complete.","description_kind":"plain","optional":true},"continue_pipeline":{"type":"bool","description":"If false, marks the stage as successful right away without waiting for the jenkins job to complete","description_kind":"plain","optional":true},"fail_on_failed_expressions":{"type":"bool","description":"The stage will be marked as failed if it contains any failed expressions","description_kind":"plain","optional":true},"fail_pipeline":{"type":"bool","description":"If the stage fails, immediately halt execution of all running stages and fails the entire execution","description_kind":"plain","optional":true},"id":{"type":"string","description_kind":"plain","optional":true,"computed":true},"name":{"type":"string","description":"Name of the stage","description_kind":"plain","required":true},"override_timeout":{"type":"bool","description":"[Deprecated, use stage_timeout_ms] Allows you to override the amount of time the stage can run before failing.\nNote: this represents the overall time the stage has to complete (the sum of all the task times).","description_kind":"plain","optional":true},"pipeline":{"type":"string","description":"Id of the pipeline","description_kind":"plain","required":true},"pipeline_parameters":{"type":["map","string"],"description":"Parameters to pass to pipeline","description_kind":"plain","optional":true},"required_artifact_ids":{"type":["list","string"],"description":"These artifacts must be present in the context for this stage to successfully complete. Artifacts specified will be bound to the deployed manifest.","description_kind":"plain","optional":true},"requisite_stage_ref_ids":{"type":["list","string"],"description":"Stage(s) that must be complete before this one","description_kind":"plain","optional":true},"restrict_execution_during_time_window":{"type":"bool","description":"Restrict execution to specific time windows","description_kind":"plain","optional":true},"stage_timeout_ms":{"type":"number","description":"Allows you to declare the amount of time the stage can run before failing, if override timeout is enabled.\nNote: this represents the overall time the stage has to complete (the sum of all the task times).","description_kind":"plain","optional":true},"target_pipeline":{"type":"string","description":"Target pipeline","description_kind":"plain","required":true},"wait_for_completion":{"type":"bool","description":"if false, marks the stage as successful right away without waiting for the pipeline to complete","description_kind":"plain","optional":true}},"block_types":{"expected_artifact":{"nesting_mode":"list","block":{"attributes":{"display_name":{"type":"string","description":"Name to display","description_kind":"plain","required":true},"id":{"type":"string","description":"ID of the artifact","description_kind":"plain","computed":true},"use_default_artifact":{"type":"bool","description":"Use default artifact if missing","description_kind":"plain","optional":true},"use_prior_artifact":{"type":"bool","description":"Use prior artifact if missing","description_kind":"plain","optional":true}},"block_types":{"default_artifact":{"nesting_mode":"list","block":{"attributes":{"artifact_account":{"type":"string","description":"Account of artifact","description_kind":"plain","optional":true},"custom_kind":{"type":"bool","description":"Artifact is custom kind","description_kind":"plain","optional":true},"id":{"type":"string","description_kind":"plain","computed":true},"location":{"type":"string","description_kind":"plain","optional":true},"metadata":{"type":["map","string"],"description":"Metadata","description_kind":"plain","optional":true},"name":{"type":"string","description_kind":"plain","optional":true},"reference":{"type":"string","description_kind":"plain","optional":true},"type":{"type":"string","description_kind":"plain","optional":true},"version":{"type":"string","description_kind":"plain","optional":true}},"description_kind":"plain"},"max_items":1},"match_artifact":{"nesting_mode":"list","block":{"attributes":{"artifact_account":{"type":"string","description":"Account of artifact","description_kind":"plain","optional":true},"custom_kind":{"type":"bool","description":"Artifact is custom kind","description_kind":"plain","optional":true},"id":{"type":"string","description_kind":"plain","computed":true},"location":{"type":"string","description_kind":"plain","optional":true},"metadata":{"type":["map","string"],"description":"Metadata","description_kind":"plain","optional":true},"name":{"type":"string","description_kind":"plain","optional":true},"reference":{"type":"string","description_kind":"plain","optional":true},"type":{"type":"string","description_kind":"plain","optional":true},"version":{"type":"string","description_kind":"plain","optional":true}},"description_kind":"plain"},"min_items":1,"max_items":1}},"description_kind":"plain"}},"notification":{"nesting_mode":"list","block":{"attributes":{"address":{"type":"string","description":"Address of the notification (slack channel, email, etc)","description_kind":"plain","required":true},"type":{"type":"string","description":"Type of notification (slack, email, etc)","description_kind":"plain","required":true}},"block_types":{"message":{"nesting_mode":"list","block":{"attributes":{"complete":{"type":"string","description_kind":"plain","optional":true},"failed":{"type":"string","description_kind":"plain","optional":true},"starting":{"type":"string","description_kind":"plain","optional":true}},"description_kind":"plain"},"max_items":1},"when":{"nesting_mode":"list","block":{"attributes":{"complete":{"type":"bool","description_kind":"plain","optional":true},"failed":{"type":"bool","description_kind":"plain","optional":true},"starting":{"type":"bool","description_kind":"plain","optional":true}},"description_kind":"plain"},"min_items":1,"max_items":1}},"description_kind":"plain"}},"restricted_execution_window":{"nesting_mode":"list","block":{"attributes":{"days":{"type":["list","number"],"description_kind":"plain","optional":true}},"block_types":{"jitter":{"nesting_mode":"list","block":{"attributes":{"enabled":{"type":"bool","description_kind":"plain","optional":true},"max_delay":{"type":"number","description_kind":"plain","optional":true},"min_delay":{"type":"number","description_kind":"plain","optional":true},"skip_manual":{"type":"bool","description_kind":"plain","optional":true}},"description_kind":"plain"},"max_items":1},"whitelist":{"nesting_mode":"list","block":{"attributes":{"end_hour":{"type":"number","description_kind":"plain","optional":true},"end_min":{"type":"number","description_kind":"plain","optional":true},"start_hour":{"type":"number","description_kind":"plain","optional":true},"start_min":{"type":"number","description_kind":"plain","optional":true}},"description_kind":"plain"}}},"description_kind":"plain"},"max_items":1},"stage_enabled":{"nesting_mode":"list","block":{"attributes":{"expression":{"type":"string","description_kind":"plain","optional":true},"type":{"type":"string","description_kind":"plain","optional":true}},"description_kind":"plain"},"max_items":1}},"description_kind":"plain"}},"spinnaker_pipeline_pipeline_trigger":{"version":0,"block":{"attributes":{"enabled":{"type":"bool","description":"If the trigger is enabled","description_kind":"plain","optional":true},"id":{"type":"string","description_kind":"plain","optional":true,"computed":true},"pipeline":{"type":"string","description":"Id of the pipeline to trigger","description_kind":"plain","required":true},"status":{"type":["list","string"],"description":"Status of pipeline execution","description_kind":"plain","required":true},"triggering_application":{"type":"string","description":"Name of the spinnaker application","description_kind":"plain","required":true},"triggering_pipeline":{"type":"string","description":"Name of the spinnaker pipeline","description_kind":"plain","required":true}},"description_kind":"plain"}},"spinnaker_pipeline_resize_server_group_stage":{"version":0,"block":{"attributes":{"action":{"type":"string","description":"Configures the resize action for the target server group (scale_down, scale_up, scale_to_cluster, scale_exact)","description_kind":"plain","required":true},"cloud_provider":{"type":"string","description":"Cloud provider to use (aws)","description_kind":"plain","optional":true},"cloud_provider_type":{"type":"string","description":"Cloud provider to use (aws)","description_kind":"plain","optional":true},"cluster":{"type":"string","description":"Name of the cluster","description_kind":"plain","required":true},"complete_other_branches_then_fail":{"type":"bool","description":"halt this branch and fail the pipeline once other branches complete. Prevents any stages that depend on this stage from running, but allows other branches of the pipeline to run. The pipeline will be marked as failed once complete.","description_kind":"plain","optional":true},"continue_pipeline":{"type":"bool","description":"If false, marks the stage as successful right away without waiting for the jenkins job to complete","description_kind":"plain","optional":true},"credentials":{"type":"string","description":"Name of the credentials to use","description_kind":"plain","optional":true},"fail_on_failed_expressions":{"type":"bool","description":"The stage will be marked as failed if it contains any failed expressions","description_kind":"plain","optional":true},"fail_pipeline":{"type":"bool","description":"If the stage fails, immediately halt execution of all running stages and fails the entire execution","description_kind":"plain","optional":true},"id":{"type":"string","description_kind":"plain","optional":true,"computed":true},"name":{"type":"string","description":"Name of the stage","description_kind":"plain","required":true},"override_timeout":{"type":"bool","description":"[Deprecated, use stage_timeout_ms] Allows you to override the amount of time the stage can run before failing.\nNote: this represents the overall time the stage has to complete (the sum of all the task times).","description_kind":"plain","optional":true},"pipeline":{"type":"string","description":"Id of the pipeline","description_kind":"plain","required":true},"regions":{"type":["list","string"],"description":"regions to target (us-east-1)","description_kind":"plain","optional":true},"required_artifact_ids":{"type":["list","string"],"description":"These artifacts must be present in the context for this stage to successfully complete. Artifacts specified will be bound to the deployed manifest.","description_kind":"plain","optional":true},"requisite_stage_ref_ids":{"type":["list","string"],"description":"Stage(s) that must be complete before this one","description_kind":"plain","optional":true},"resize_type":{"type":"string","description":"Type of resize based on action (incremental, percentage)","description_kind":"plain","optional":true},"restrict_execution_during_time_window":{"type":"bool","description":"Restrict execution to specific time windows","description_kind":"plain","optional":true},"stage_timeout_ms":{"type":"number","description":"Allows you to declare the amount of time the stage can run before failing, if override timeout is enabled.\nNote: this represents the overall time the stage has to complete (the sum of all the task times).","description_kind":"plain","optional":true},"target":{"type":"string","description":"Which server group to resize (ancestor_asg_dynamic, current_asg_dynamic, oldest_asg_dynamic)","description_kind":"plain","optional":true},"target_healthy_deploy_percentage":{"type":"number","description":"Consider deploy successful when percent of instances are healthy","description_kind":"plain","optional":true}},"block_types":{"capacity":{"nesting_mode":"list","block":{"attributes":{"desired":{"type":"string","description_kind":"plain","optional":true},"max":{"type":"string","description_kind":"plain","optional":true},"min":{"type":"string","description_kind":"plain","optional":true}},"description_kind":"plain"},"max_items":1},"expected_artifact":{"nesting_mode":"list","block":{"attributes":{"display_name":{"type":"string","description":"Name to display","description_kind":"plain","required":true},"id":{"type":"string","description":"ID of the artifact","description_kind":"plain","computed":true},"use_default_artifact":{"type":"bool","description":"Use default artifact if missing","description_kind":"plain","optional":true},"use_prior_artifact":{"type":"bool","description":"Use prior artifact if missing","description_kind":"plain","optional":true}},"block_types":{"default_artifact":{"nesting_mode":"list","block":{"attributes":{"artifact_account":{"type":"string","description":"Account of artifact","description_kind":"plain","optional":true},"custom_kind":{"type":"bool","description":"Artifact is custom kind","description_kind":"plain","optional":true},"id":{"type":"string","description_kind":"plain","computed":true},"location":{"type":"string","description_kind":"plain","optional":true},"metadata":{"type":["map","string"],"description":"Metadata","description_kind":"plain","optional":true},"name":{"type":"string","description_kind":"plain","optional":true},"reference":{"type":"string","description_kind":"plain","optional":true},"type":{"type":"string","description_kind":"plain","optional":true},"version":{"type":"string","description_kind":"plain","optional":true}},"description_kind":"plain"},"max_items":1},"match_artifact":{"nesting_mode":"list","block":{"attributes":{"artifact_account":{"type":"string","description":"Account of artifact","description_kind":"plain","optional":true},"custom_kind":{"type":"bool","description":"Artifact is custom kind","description_kind":"plain","optional":true},"id":{"type":"string","description_kind":"plain","computed":true},"location":{"type":"string","description_kind":"plain","optional":true},"metadata":{"type":["map","string"],"description":"Metadata","description_kind":"plain","optional":true},"name":{"type":"string","description_kind":"plain","optional":true},"reference":{"type":"string","description_kind":"plain","optional":true},"type":{"type":"string","description_kind":"plain","optional":true},"version":{"type":"string","description_kind":"plain","optional":true}},"description_kind":"plain"},"min_items":1,"max_items":1}},"description_kind":"plain"}},"moniker":{"nesting_mode":"list","block":{"attributes":{"app":{"type":"string","description_kind":"plain","optional":true},"cluster":{"type":"string","description_kind":"plain","optional":true},"detail":{"type":"string","description_kind":"plain","optional":true},"sequence":{"type":"string","description_kind":"plain","optional":true},"stack":{"type":"string","description_kind":"plain","optional":true}},"description_kind":"plain"},"max_items":1},"notification":{"nesting_mode":"list","block":{"attributes":{"address":{"type":"string","description":"Address of the notification (slack channel, email, etc)","description_kind":"plain","required":true},"type":{"type":"string","description":"Type of notification (slack, email, etc)","description_kind":"plain","required":true}},"block_types":{"message":{"nesting_mode":"list","block":{"attributes":{"complete":{"type":"string","description_kind":"plain","optional":true},"failed":{"type":"string","description_kind":"plain","optional":true},"starting":{"type":"string","description_kind":"plain","optional":true}},"description_kind":"plain"},"max_items":1},"when":{"nesting_mode":"list","block":{"attributes":{"complete":{"type":"bool","description_kind":"plain","optional":true},"failed":{"type":"bool","description_kind":"plain","optional":true},"starting":{"type":"bool","description_kind":"plain","optional":true}},"description_kind":"plain"},"min_items":1,"max_items":1}},"description_kind":"plain"}},"restricted_execution_window":{"nesting_mode":"list","block":{"attributes":{"days":{"type":["list","number"],"description_kind":"plain","optional":true}},"block_types":{"jitter":{"nesting_mode":"list","block":{"attributes":{"enabled":{"type":"bool","description_kind":"plain","optional":true},"max_delay":{"type":"number","description_kind":"plain","optional":true},"min_delay":{"type":"number","description_kind":"plain","optional":true},"skip_manual":{"type":"bool","description_kind":"plain","optional":true}},"description_kind":"plain"},"max_items":1},"whitelist":{"nesting_mode":"list","block":{"attributes":{"end_hour":{"type":"number","description_kind":"plain","optional":true},"end_min":{"type":"number","description_kind":"plain","optional":true},"start_hour":{"type":"number","description_kind":"plain","optional":true},"start_min":{"type":"number","description_kind":"plain","optional":true}},"description_kind":"plain"}}},"description_kind":"plain"},"max_items":1},"stage_enabled":{"nesting_mode":"list","block":{"attributes":{"expression":{"type":"string","description_kind":"plain","optional":true},"type":{"type":"string","description_kind":"plain","optional":true}},"description_kind":"plain"},"max_items":1}},"description_kind":"plain"}},"spinnaker_pipeline_rollback_cluster_stage":{"version":0,"block":{"attributes":{"cloud_provider":{"type":"string","description":"Cloud provider to use (aws)","description_kind":"plain","optional":true},"cloud_provider_type":{"type":"string","description":"Cloud provider to use (aws)","description_kind":"plain","optional":true},"cluster":{"type":"string","description":"Name of the cluster to be rollback","description_kind":"plain","required":true},"complete_other_branches_then_fail":{"type":"bool","description":"halt this branch and fail the pipeline once other branches complete. Prevents any stages that depend on this stage from running, but allows other branches of the pipeline to run. The pipeline will be marked as failed once complete.","description_kind":"plain","optional":true},"continue_pipeline":{"type":"bool","description":"If false, marks the stage as successful right away without waiting for the jenkins job to complete","description_kind":"plain","optional":true},"credentials":{"type":"string","description":"Name of the credentials to use","description_kind":"plain","optional":true},"fail_on_failed_expressions":{"type":"bool","description":"The stage will be marked as failed if it contains any failed expressions","description_kind":"plain","optional":true},"fail_pipeline":{"type":"bool","description":"If the stage fails, immediately halt execution of all running stages and fails the entire execution","description_kind":"plain","optional":true},"id":{"type":"string","description_kind":"plain","optional":true,"computed":true},"name":{"type":"string","description":"Name of the stage","description_kind":"plain","required":true},"override_timeout":{"type":"bool","description":"[Deprecated, use stage_timeout_ms] Allows you to override the amount of time the stage can run before failing.\nNote: this represents the overall time the stage has to complete (the sum of all the task times).","description_kind":"plain","optional":true},"pipeline":{"type":"string","description":"Id of the pipeline","description_kind":"plain","required":true},"regions":{"type":["list","string"],"description":"regions to rollback (us-east-1)","description_kind":"plain","optional":true},"required_artifact_ids":{"type":["list","string"],"description":"These artifacts must be present in the context for this stage to successfully complete. Artifacts specified will be bound to the deployed manifest.","description_kind":"plain","optional":true},"requisite_stage_ref_ids":{"type":["list","string"],"description":"Stage(s) that must be complete before this one","description_kind":"plain","optional":true},"restrict_execution_during_time_window":{"type":"bool","description":"Restrict execution to specific time windows","description_kind":"plain","optional":true},"stage_timeout_ms":{"type":"number","description":"Allows you to declare the amount of time the stage can run before failing, if override timeout is enabled.\nNote: this represents the overall time the stage has to complete (the sum of all the task times).","description_kind":"plain","optional":true},"target_healthy_rollback_percentage":{"type":"number","description":"Consider rollback successful when percent of instances are healthy","description_kind":"plain","optional":true}},"block_types":{"expected_artifact":{"nesting_mode":"list","block":{"attributes":{"display_name":{"type":"string","description":"Name to display","description_kind":"plain","required":true},"id":{"type":"string","description":"ID of the artifact","description_kind":"plain","computed":true},"use_default_artifact":{"type":"bool","description":"Use default artifact if missing","description_kind":"plain","optional":true},"use_prior_artifact":{"type":"bool","description":"Use prior artifact if missing","description_kind":"plain","optional":true}},"block_types":{"default_artifact":{"nesting_mode":"list","block":{"attributes":{"artifact_account":{"type":"string","description":"Account of artifact","description_kind":"plain","optional":true},"custom_kind":{"type":"bool","description":"Artifact is custom kind","description_kind":"plain","optional":true},"id":{"type":"string","description_kind":"plain","computed":true},"location":{"type":"string","description_kind":"plain","optional":true},"metadata":{"type":["map","string"],"description":"Metadata","description_kind":"plain","optional":true},"name":{"type":"string","description_kind":"plain","optional":true},"reference":{"type":"string","description_kind":"plain","optional":true},"type":{"type":"string","description_kind":"plain","optional":true},"version":{"type":"string","description_kind":"plain","optional":true}},"description_kind":"plain"},"max_items":1},"match_artifact":{"nesting_mode":"list","block":{"attributes":{"artifact_account":{"type":"string","description":"Account of artifact","description_kind":"plain","optional":true},"custom_kind":{"type":"bool","description":"Artifact is custom kind","description_kind":"plain","optional":true},"id":{"type":"string","description_kind":"plain","computed":true},"location":{"type":"string","description_kind":"plain","optional":true},"metadata":{"type":["map","string"],"description":"Metadata","description_kind":"plain","optional":true},"name":{"type":"string","description_kind":"plain","optional":true},"reference":{"type":"string","description_kind":"plain","optional":true},"type":{"type":"string","description_kind":"plain","optional":true},"version":{"type":"string","description_kind":"plain","optional":true}},"description_kind":"plain"},"min_items":1,"max_items":1}},"description_kind":"plain"}},"moniker":{"nesting_mode":"list","block":{"attributes":{"app":{"type":"string","description_kind":"plain","optional":true},"cluster":{"type":"string","description_kind":"plain","optional":true},"detail":{"type":"string","description_kind":"plain","optional":true},"sequence":{"type":"string","description_kind":"plain","optional":true},"stack":{"type":"string","description_kind":"plain","optional":true}},"description_kind":"plain"},"max_items":1},"notification":{"nesting_mode":"list","block":{"attributes":{"address":{"type":"string","description":"Address of the notification (slack channel, email, etc)","description_kind":"plain","required":true},"type":{"type":"string","description":"Type of notification (slack, email, etc)","description_kind":"plain","required":true}},"block_types":{"message":{"nesting_mode":"list","block":{"attributes":{"complete":{"type":"string","description_kind":"plain","optional":true},"failed":{"type":"string","description_kind":"plain","optional":true},"starting":{"type":"string","description_kind":"plain","optional":true}},"description_kind":"plain"},"max_items":1},"when":{"nesting_mode":"list","block":{"attributes":{"complete":{"type":"bool","description_kind":"plain","optional":true},"failed":{"type":"bool","description_kind":"plain","optional":true},"starting":{"type":"bool","description_kind":"plain","optional":true}},"description_kind":"plain"},"min_items":1,"max_items":1}},"description_kind":"plain"}},"restricted_execution_window":{"nesting_mode":"list","block":{"attributes":{"days":{"type":["list","number"],"description_kind":"plain","optional":true}},"block_types":{"jitter":{"nesting_mode":"list","block":{"attributes":{"enabled":{"type":"bool","description_kind":"plain","optional":true},"max_delay":{"type":"number","description_kind":"plain","optional":true},"min_delay":{"type":"number","description_kind":"plain","optional":true},"skip_manual":{"type":"bool","description_kind":"plain","optional":true}},"description_kind":"plain"},"max_items":1},"whitelist":{"nesting_mode":"list","block":{"attributes":{"end_hour":{"type":"number","description_kind":"plain","optional":true},"end_min":{"type":"number","description_kind":"plain","optional":true},"start_hour":{"type":"number","description_kind":"plain","optional":true},"start_min":{"type":"number","description_kind":"plain","optional":true}},"description_kind":"plain"}}},"description_kind":"plain"},"max_items":1},"stage_enabled":{"nesting_mode":"list","block":{"attributes":{"expression":{"type":"string","description_kind":"plain","optional":true},"type":{"type":"string","description_kind":"plain","optional":true}},"description_kind":"plain"},"max_items":1}},"description_kind":"plain"}},"spinnaker_pipeline_run_job_manifest_stage":{"version":0,"block":{"attributes":{"account":{"type":"string","description":"A Spinnaker account corresponds to a physical Kubernetes cluster. If you are unsure which account to use, talk to your Spinnaker admin.","description_kind":"plain","required":true},"application":{"type":"string","description":"This is the Spinnaker application that your manifest will be deployed to. An application is generally used to group resources that belong to a single service.","description_kind":"plain","required":true},"cloud_provider":{"type":"string","description":"The cloudprovider to handle the manifest","description_kind":"plain","required":true},"complete_other_branches_then_fail":{"type":"bool","description":"halt this branch and fail the pipeline once other branches complete. Prevents any stages that depend on this stage from running, but allows other branches of the pipeline to run. The pipeline will be marked as failed once complete.","description_kind":"plain","optional":true},"consume_artifact_source":{"type":"string","description_kind":"plain","optional":true},"continue_pipeline":{"type":"bool","description":"If false, marks the stage as successful right away without waiting for the jenkins job to complete","description_kind":"plain","optional":true},"credentials":{"type":"string","description":"Spinnaker credientials to use to talk to cloud provider","description_kind":"plain","optional":true},"fail_on_failed_expressions":{"type":"bool","description":"The stage will be marked as failed if it contains any failed expressions","description_kind":"plain","optional":true},"fail_pipeline":{"type":"bool","description":"If the stage fails, immediately halt execution of all running stages and fails the entire execution","description_kind":"plain","optional":true},"id":{"type":"string","description_kind":"plain","optional":true,"computed":true},"manifest":{"type":"string","description":"Manifest Yaml as text","description_kind":"plain","required":true},"name":{"type":"string","description":"Name of the stage","description_kind":"plain","required":true},"override_timeout":{"type":"bool","description":"[Deprecated, use stage_timeout_ms] Allows you to override the amount of time the stage can run before failing.\nNote: this represents the overall time the stage has to complete (the sum of all the task times).","description_kind":"plain","optional":true},"pipeline":{"type":"string","description":"Id of the pipeline","description_kind":"plain","required":true},"property_file":{"type":"string","description_kind":"plain","optional":true},"required_artifact_ids":{"type":["list","string"],"description":"These artifacts must be present in the context for this stage to successfully complete. Artifacts specified will be bound to the deployed manifest.","description_kind":"plain","optional":true},"requisite_stage_ref_ids":{"type":["list","string"],"description":"Stage(s) that must be complete before this one","description_kind":"plain","optional":true},"restrict_execution_during_time_window":{"type":"bool","description":"Restrict execution to specific time windows","description_kind":"plain","optional":true},"source":{"type":"string","description":"Where the manifest file content is read from.text: The manifest is supplied statically to the pipeline from the below text-box.artifact: The manifest is read from an artifact supplied/created upstream. The expected artifact must be referenced here, and will be bound at runtime.","description_kind":"plain","required":true},"stage_timeout_ms":{"type":"number","description":"Allows you to declare the amount of time the stage can run before failing, if override timeout is enabled.\nNote: this represents the overall time the stage has to complete (the sum of all the task times).","description_kind":"plain","optional":true}},"block_types":{"expected_artifact":{"nesting_mode":"list","block":{"attributes":{"display_name":{"type":"string","description":"Name to display","description_kind":"plain","required":true},"id":{"type":"string","description":"ID of the artifact","description_kind":"plain","computed":true},"use_default_artifact":{"type":"bool","description":"Use default artifact if missing","description_kind":"plain","optional":true},"use_prior_artifact":{"type":"bool","description":"Use prior artifact if missing","description_kind":"plain","optional":true}},"block_types":{"default_artifact":{"nesting_mode":"list","block":{"attributes":{"artifact_account":{"type":"string","description":"Account of artifact","description_kind":"plain","optional":true},"custom_kind":{"type":"bool","description":"Artifact is custom kind","description_kind":"plain","optional":true},"id":{"type":"string","description_kind":"plain","computed":true},"location":{"type":"string","description_kind":"plain","optional":true},"metadata":{"type":["map","string"],"description":"Metadata","description_kind":"plain","optional":true},"name":{"type":"string","description_kind":"plain","optional":true},"reference":{"type":"string","description_kind":"plain","optional":true},"type":{"type":"string","description_kind":"plain","optional":true},"version":{"type":"string","description_kind":"plain","optional":true}},"description_kind":"plain"},"max_items":1},"match_artifact":{"nesting_mode":"list","block":{"attributes":{"artifact_account":{"type":"string","description":"Account of artifact","description_kind":"plain","optional":true},"custom_kind":{"type":"bool","description":"Artifact is custom kind","description_kind":"plain","optional":true},"id":{"type":"string","description_kind":"plain","computed":true},"location":{"type":"string","description_kind":"plain","optional":true},"metadata":{"type":["map","string"],"description":"Metadata","description_kind":"plain","optional":true},"name":{"type":"string","description_kind":"plain","optional":true},"reference":{"type":"string","description_kind":"plain","optional":true},"type":{"type":"string","description_kind":"plain","optional":true},"version":{"type":"string","description_kind":"plain","optional":true}},"description_kind":"plain"},"min_items":1,"max_items":1}},"description_kind":"plain"}},"notification":{"nesting_mode":"list","block":{"attributes":{"address":{"type":"string","description":"Address of the notification (slack channel, email, etc)","description_kind":"plain","required":true},"type":{"type":"string","description":"Type of notification (slack, email, etc)","description_kind":"plain","required":true}},"block_types":{"message":{"nesting_mode":"list","block":{"attributes":{"complete":{"type":"string","description_kind":"plain","optional":true},"failed":{"type":"string","description_kind":"plain","optional":true},"starting":{"type":"string","description_kind":"plain","optional":true}},"description_kind":"plain"},"max_items":1},"when":{"nesting_mode":"list","block":{"attributes":{"complete":{"type":"bool","description_kind":"plain","optional":true},"failed":{"type":"bool","description_kind":"plain","optional":true},"starting":{"type":"bool","description_kind":"plain","optional":true}},"description_kind":"plain"},"min_items":1,"max_items":1}},"description_kind":"plain"}},"restricted_execution_window":{"nesting_mode":"list","block":{"attributes":{"days":{"type":["list","number"],"description_kind":"plain","optional":true}},"block_types":{"jitter":{"nesting_mode":"list","block":{"attributes":{"enabled":{"type":"bool","description_kind":"plain","optional":true},"max_delay":{"type":"number","description_kind":"plain","optional":true},"min_delay":{"type":"number","description_kind":"plain","optional":true},"skip_manual":{"type":"bool","description_kind":"plain","optional":true}},"description_kind":"plain"},"max_items":1},"whitelist":{"nesting_mode":"list","block":{"attributes":{"end_hour":{"type":"number","description_kind":"plain","optional":true},"end_min":{"type":"number","description_kind":"plain","optional":true},"start_hour":{"type":"number","description_kind":"plain","optional":true},"start_min":{"type":"number","description_kind":"plain","optional":true}},"description_kind":"plain"}}},"description_kind":"plain"},"max_items":1},"stage_enabled":{"nesting_mode":"list","block":{"attributes":{"expression":{"type":"string","description_kind":"plain","optional":true},"type":{"type":"string","description_kind":"plain","optional":true}},"description_kind":"plain"},"max_items":1}},"description_kind":"plain"}},"spinnaker_pipeline_scale_manifest_stage":{"version":0,"block":{"attributes":{"account":{"type":"string","description":"The account name","description_kind":"plain","required":true},"application":{"type":"string","description":"The application name","description_kind":"plain","optional":true},"cloud_provider":{"type":"string","description":"The cloud provider name","description_kind":"plain","required":true},"cluster":{"type":"string","description":"The cluster to scale","description_kind":"plain","optional":true},"complete_other_branches_then_fail":{"type":"bool","description":"halt this branch and fail the pipeline once other branches complete. Prevents any stages that depend on this stage from running, but allows other branches of the pipeline to run. The pipeline will be marked as failed once complete.","description_kind":"plain","optional":true},"continue_pipeline":{"type":"bool","description":"If false, marks the stage as successful right away without waiting for the jenkins job to complete","description_kind":"plain","optional":true},"criteria":{"type":"string","description":"The criteria for determining the target cluster","description_kind":"plain","optional":true},"fail_on_failed_expressions":{"type":"bool","description":"The stage will be marked as failed if it contains any failed expressions","description_kind":"plain","optional":true},"fail_pipeline":{"type":"bool","description":"If the stage fails, immediately halt execution of all running stages and fails the entire execution","description_kind":"plain","optional":true},"id":{"type":"string","description_kind":"plain","optional":true,"computed":true},"kind":{"type":"string","description":"The kind of manifest to scale","description_kind":"plain","optional":true},"kinds":{"type":["list","string"],"description":"The kinds of manifest to scale","description_kind":"plain","optional":true},"label_selectors":{"type":["map","string"],"description":"The label selectors","description_kind":"plain","optional":true},"location":{"type":"string","description":"The namespace","description_kind":"plain","optional":true},"manifest_name":{"type":"string","description":"The name of the manifest","description_kind":"plain","optional":true},"mode":{"type":"string","description":"The selector mode","description_kind":"plain","optional":true},"name":{"type":"string","description":"Name of the stage","description_kind":"plain","required":true},"override_timeout":{"type":"bool","description":"[Deprecated, use stage_timeout_ms] Allows you to override the amount of time the stage can run before failing.\nNote: this represents the overall time the stage has to complete (the sum of all the task times).","description_kind":"plain","optional":true},"pipeline":{"type":"string","description":"Id of the pipeline","description_kind":"plain","required":true},"replicas":{"type":"string","description":"The number of replicas","description_kind":"plain","optional":true},"required_artifact_ids":{"type":["list","string"],"description":"These artifacts must be present in the context for this stage to successfully complete. Artifacts specified will be bound to the deployed manifest.","description_kind":"plain","optional":true},"requisite_stage_ref_ids":{"type":["list","string"],"description":"Stage(s) that must be complete before this one","description_kind":"plain","optional":true},"restrict_execution_during_time_window":{"type":"bool","description":"Restrict execution to specific time windows","description_kind":"plain","optional":true},"stage_timeout_ms":{"type":"number","description":"Allows you to declare the amount of time the stage can run before failing, if override timeout is enabled.\nNote: this represents the overall time the stage has to complete (the sum of all the task times).","description_kind":"plain","optional":true}},"block_types":{"expected_artifact":{"nesting_mode":"list","block":{"attributes":{"display_name":{"type":"string","description":"Name to display","description_kind":"plain","required":true},"id":{"type":"string","description":"ID of the artifact","description_kind":"plain","computed":true},"use_default_artifact":{"type":"bool","description":"Use default artifact if missing","description_kind":"plain","optional":true},"use_prior_artifact":{"type":"bool","description":"Use prior artifact if missing","description_kind":"plain","optional":true}},"block_types":{"default_artifact":{"nesting_mode":"list","block":{"attributes":{"artifact_account":{"type":"string","description":"Account of artifact","description_kind":"plain","optional":true},"custom_kind":{"type":"bool","description":"Artifact is custom kind","description_kind":"plain","optional":true},"id":{"type":"string","description_kind":"plain","computed":true},"location":{"type":"string","description_kind":"plain","optional":true},"metadata":{"type":["map","string"],"description":"Metadata","description_kind":"plain","optional":true},"name":{"type":"string","description_kind":"plain","optional":true},"reference":{"type":"string","description_kind":"plain","optional":true},"type":{"type":"string","description_kind":"plain","optional":true},"version":{"type":"string","description_kind":"plain","optional":true}},"description_kind":"plain"},"max_items":1},"match_artifact":{"nesting_mode":"list","block":{"attributes":{"artifact_account":{"type":"string","description":"Account of artifact","description_kind":"plain","optional":true},"custom_kind":{"type":"bool","description":"Artifact is custom kind","description_kind":"plain","optional":true},"id":{"type":"string","description_kind":"plain","computed":true},"location":{"type":"string","description_kind":"plain","optional":true},"metadata":{"type":["map","string"],"description":"Metadata","description_kind":"plain","optional":true},"name":{"type":"string","description_kind":"plain","optional":true},"reference":{"type":"string","description_kind":"plain","optional":true},"type":{"type":"string","description_kind":"plain","optional":true},"version":{"type":"string","description_kind":"plain","optional":true}},"description_kind":"plain"},"min_items":1,"max_items":1}},"description_kind":"plain"}},"notification":{"nesting_mode":"list","block":{"attributes":{"address":{"type":"string","description":"Address of the notification (slack channel, email, etc)","description_kind":"plain","required":true},"type":{"type":"string","description":"Type of notification (slack, email, etc)","description_kind":"plain","required":true}},"block_types":{"message":{"nesting_mode":"list","block":{"attributes":{"complete":{"type":"string","description_kind":"plain","optional":true},"failed":{"type":"string","description_kind":"plain","optional":true},"starting":{"type":"string","description_kind":"plain","optional":true}},"description_kind":"plain"},"max_items":1},"when":{"nesting_mode":"list","block":{"attributes":{"complete":{"type":"bool","description_kind":"plain","optional":true},"failed":{"type":"bool","description_kind":"plain","optional":true},"starting":{"type":"bool","description_kind":"plain","optional":true}},"description_kind":"plain"},"min_items":1,"max_items":1}},"description_kind":"plain"}},"restricted_execution_window":{"nesting_mode":"list","block":{"attributes":{"days":{"type":["list","number"],"description_kind":"plain","optional":true}},"block_types":{"jitter":{"nesting_mode":"list","block":{"attributes":{"enabled":{"type":"bool","description_kind":"plain","optional":true},"max_delay":{"type":"number","description_kind":"plain","optional":true},"min_delay":{"type":"number","description_kind":"plain","optional":true},"skip_manual":{"type":"bool","description_kind":"plain","optional":true}},"description_kind":"plain"},"max_items":1},"whitelist":{"nesting_mode":"list","block":{"attributes":{"end_hour":{"type":"number","description_kind":"plain","optional":true},"end_min":{"type":"number","description_kind":"plain","optional":true},"start_hour":{"type":"number","description_kind":"plain","optional":true},"start_min":{"type":"number","description_kind":"plain","optional":true}},"description_kind":"plain"}}},"description_kind":"plain"},"max_items":1},"stage_enabled":{"nesting_mode":"list","block":{"attributes":{"expression":{"type":"string","description_kind":"plain","optional":true},"type":{"type":"string","description_kind":"plain","optional":true}},"description_kind":"plain"},"max_items":1}},"description_kind":"plain"}},"spinnaker_pipeline_script_stage":{"version":0,"block":{"attributes":{"account":{"type":"string","description":"The account name","description_kind":"plain","optional":true},"cluster":{"type":"string","description":"The cluster to scale","description_kind":"plain","optional":true},"clusters":{"type":["list","string"],"description":"The clusters to scale","description_kind":"plain","optional":true},"cmc":{"type":"string","description":"cmc passed down to script execution as CMC","description_kind":"plain","optional":true},"command":{"type":"string","description":"The criteria for determining the target cluster","description_kind":"plain","required":true},"complete_other_branches_then_fail":{"type":"bool","description":"halt this branch and fail the pipeline once other branches complete. Prevents any stages that depend on this stage from running, but allows other branches of the pipeline to run. The pipeline will be marked as failed once complete.","description_kind":"plain","optional":true},"continue_pipeline":{"type":"bool","description":"If false, marks the stage as successful right away without waiting for the jenkins job to complete","description_kind":"plain","optional":true},"fail_on_failed_expressions":{"type":"bool","description":"The stage will be marked as failed if it contains any failed expressions","description_kind":"plain","optional":true},"fail_pipeline":{"type":"bool","description":"If the stage fails, immediately halt execution of all running stages and fails the entire execution","description_kind":"plain","optional":true},"id":{"type":"string","description_kind":"plain","optional":true,"computed":true},"image":{"type":"string","description":"The label selectors","description_kind":"plain","optional":true},"name":{"type":"string","description":"Name of the stage","description_kind":"plain","required":true},"override_timeout":{"type":"bool","description":"[Deprecated, use stage_timeout_ms] Allows you to override the amount of time the stage can run before failing.\nNote: this represents the overall time the stage has to complete (the sum of all the task times).","description_kind":"plain","optional":true},"pipeline":{"type":"string","description":"Id of the pipeline","description_kind":"plain","required":true},"property_file":{"type":"string","description":"The name to the properties file produced by the script execution to be used by later stages of the Spinnaker pipeline.","description_kind":"plain","optional":true},"region":{"type":"string","description":"The kind of manifest to scale","description_kind":"plain","optional":true},"regions":{"type":["list","string"],"description":"The kinds of manifest to scale","description_kind":"plain","optional":true},"repo_branch":{"type":"string","description":"Git Branch. (e.g. master). Leave empty to use the master branch.","description_kind":"plain","optional":true},"repo_url":{"type":"string","description":"Path to the repo hosting the scripts in Stash. (e.g. CDL/mimir-scripts). Leave empty to use the default.","description_kind":"plain","optional":true},"required_artifact_ids":{"type":["list","string"],"description":"These artifacts must be present in the context for this stage to successfully complete. Artifacts specified will be bound to the deployed manifest.","description_kind":"plain","optional":true},"requisite_stage_ref_ids":{"type":["list","string"],"description":"Stage(s) that must be complete before this one","description_kind":"plain","optional":true},"restrict_execution_during_time_window":{"type":"bool","description":"Restrict execution to specific time windows","description_kind":"plain","optional":true},"script_path":{"type":"string","description":"Path to script to run","description_kind":"plain","required":true},"stage_timeout_ms":{"type":"number","description":"Allows you to declare the amount of time the stage can run before failing, if override timeout is enabled.\nNote: this represents the overall time the stage has to complete (the sum of all the task times).","description_kind":"plain","optional":true},"wait_for_completion":{"type":"bool","description":"if false, marks the stage as successful right away without waiting for the script to complete","description_kind":"plain","optional":true}},"block_types":{"expected_artifact":{"nesting_mode":"list","block":{"attributes":{"display_name":{"type":"string","description":"Name to display","description_kind":"plain","required":true},"id":{"type":"string","description":"ID of the artifact","description_kind":"plain","computed":true},"use_default_artifact":{"type":"bool","description":"Use default artifact if missing","description_kind":"plain","optional":true},"use_prior_artifact":{"type":"bool","description":"Use prior artifact if missing","description_kind":"plain","optional":true}},"block_types":{"default_artifact":{"nesting_mode":"list","block":{"attributes":{"artifact_account":{"type":"string","description":"Account of artifact","description_kind":"plain","optional":true},"custom_kind":{"type":"bool","description":"Artifact is custom kind","description_kind":"plain","optional":true},"id":{"type":"string","description_kind":"plain","computed":true},"location":{"type":"string","description_kind":"plain","optional":true},"metadata":{"type":["map","string"],"description":"Metadata","description_kind":"plain","optional":true},"name":{"type":"string","description_kind":"plain","optional":true},"reference":{"type":"string","description_kind":"plain","optional":true},"type":{"type":"string","description_kind":"plain","optional":true},"version":{"type":"string","description_kind":"plain","optional":true}},"description_kind":"plain"},"max_items":1},"match_artifact":{"nesting_mode":"list","block":{"attributes":{"artifact_account":{"type":"string","description":"Account of artifact","description_kind":"plain","optional":true},"custom_kind":{"type":"bool","description":"Artifact is custom kind","description_kind":"plain","optional":true},"id":{"type":"string","description_kind":"plain","computed":true},"location":{"type":"string","description_kind":"plain","optional":true},"metadata":{"type":["map","string"],"description":"Metadata","description_kind":"plain","optional":true},"name":{"type":"string","description_kind":"plain","optional":true},"reference":{"type":"string","description_kind":"plain","optional":true},"type":{"type":"string","description_kind":"plain","optional":true},"version":{"type":"string","description_kind":"plain","optional":true}},"description_kind":"plain"},"min_items":1,"max_items":1}},"description_kind":"plain"}},"notification":{"nesting_mode":"list","block":{"attributes":{"address":{"type":"string","description":"Address of the notification (slack channel, email, etc)","description_kind":"plain","required":true},"type":{"type":"string","description":"Type of notification (slack, email, etc)","description_kind":"plain","required":true}},"block_types":{"message":{"nesting_mode":"list","block":{"attributes":{"complete":{"type":"string","description_kind":"plain","optional":true},"failed":{"type":"string","description_kind":"plain","optional":true},"starting":{"type":"string","description_kind":"plain","optional":true}},"description_kind":"plain"},"max_items":1},"when":{"nesting_mode":"list","block":{"attributes":{"complete":{"type":"bool","description_kind":"plain","optional":true},"failed":{"type":"bool","description_kind":"plain","optional":true},"starting":{"type":"bool","description_kind":"plain","optional":true}},"description_kind":"plain"},"min_items":1,"max_items":1}},"description_kind":"plain"}},"restricted_execution_window":{"nesting_mode":"list","block":{"attributes":{"days":{"type":["list","number"],"description_kind":"plain","optional":true}},"block_types":{"jitter":{"nesting_mode":"list","block":{"attributes":{"enabled":{"type":"bool","description_kind":"plain","optional":true},"max_delay":{"type":"number","description_kind":"plain","optional":true},"min_delay":{"type":"number","description_kind":"plain","optional":true},"skip_manual":{"type":"bool","description_kind":"plain","optional":true}},"description_kind":"plain"},"max_items":1},"whitelist":{"nesting_mode":"list","block":{"attributes":{"end_hour":{"type":"number","description_kind":"plain","optional":true},"end_min":{"type":"number","description_kind":"plain","optional":true},"start_hour":{"type":"number","description_kind":"plain","optional":true},"start_min":{"type":"number","description_kind":"plain","optional":true}},"description_kind":"plain"}}},"description_kind":"plain"},"max_items":1},"stage_enabled":{"nesting_mode":"list","block":{"attributes":{"expression":{"type":"string","description_kind":"plain","optional":true},"type":{"type":"string","description_kind":"plain","optional":true}},"description_kind":"plain"},"max_items":1}},"description_kind":"plain"}},"spinnaker_pipeline_trigger":{"version":0,"block":{"attributes":{"enabled":{"type":"bool","description":"If the trigger is enabled","description_kind":"plain","optional":true},"id":{"type":"string","description_kind":"plain","optional":true,"computed":true},"job":{"type":"string","description":"Name of the job","description_kind":"plain","required":true},"master":{"type":"string","description":"Name of the job master","description_kind":"plain","required":true},"pipeline":{"type":"string","description":"Id of the pipeline to trigger","description_kind":"plain","required":true},"property_file":{"type":"string","description":"Name of file to use for properties","description_kind":"plain","optional":true},"type":{"type":"string","description":"[DEPRECATED] Type of trigger, not used use explicit trigger resource","description_kind":"plain","optional":true}},"description_kind":"plain"}},"spinnaker_pipeline_undo_rollout_manifest_stage":{"version":0,"block":{"attributes":{"account":{"type":"string","description":"Spinnaker account to use","description_kind":"plain","required":true},"cloud_provider":{"type":"string","description":"Cloud provider to use (aws, kubernetes)","description_kind":"plain","required":true},"complete_other_branches_then_fail":{"type":"bool","description":"halt this branch and fail the pipeline once other branches complete. Prevents any stages that depend on this stage from running, but allows other branches of the pipeline to run. The pipeline will be marked as failed once complete.","description_kind":"plain","optional":true},"continue_pipeline":{"type":"bool","description":"If false, marks the stage as successful right away without waiting for the jenkins job to complete","description_kind":"plain","optional":true},"fail_on_failed_expressions":{"type":"bool","description":"The stage will be marked as failed if it contains any failed expressions","description_kind":"plain","optional":true},"fail_pipeline":{"type":"bool","description":"If the stage fails, immediately halt execution of all running stages and fails the entire execution","description_kind":"plain","optional":true},"id":{"type":"string","description_kind":"plain","optional":true,"computed":true},"location":{"type":"string","description":"K8s namespace with manifest","description_kind":"plain","required":true},"manifest_name":{"type":"string","description":"K8s manifest name with kind (e.g. replicaSet my-service)","description_kind":"plain","required":true},"mode":{"type":"string","description":"Rollback mode (static)","description_kind":"plain","optional":true},"name":{"type":"string","description":"Name of the stage","description_kind":"plain","required":true},"num_revisions_back":{"type":"number","description":"How many revisions to rollback","description_kind":"plain","required":true},"override_timeout":{"type":"bool","description":"[Deprecated, use stage_timeout_ms] Allows you to override the amount of time the stage can run before failing.\nNote: this represents the overall time the stage has to complete (the sum of all the task times).","description_kind":"plain","optional":true},"pipeline":{"type":"string","description":"Id of the pipeline","description_kind":"plain","required":true},"required_artifact_ids":{"type":["list","string"],"description":"These artifacts must be present in the context for this stage to successfully complete. Artifacts specified will be bound to the deployed manifest.","description_kind":"plain","optional":true},"requisite_stage_ref_ids":{"type":["list","string"],"description":"Stage(s) that must be complete before this one","description_kind":"plain","optional":true},"restrict_execution_during_time_window":{"type":"bool","description":"Restrict execution to specific time windows","description_kind":"plain","optional":true},"stage_timeout_ms":{"type":"number","description":"Allows you to declare the amount of time the stage can run before failing, if override timeout is enabled.\nNote: this represents the overall time the stage has to complete (the sum of all the task times).","description_kind":"plain","optional":true}},"block_types":{"expected_artifact":{"nesting_mode":"list","block":{"attributes":{"display_name":{"type":"string","description":"Name to display","description_kind":"plain","required":true},"id":{"type":"string","description":"ID of the artifact","description_kind":"plain","computed":true},"use_default_artifact":{"type":"bool","description":"Use default artifact if missing","description_kind":"plain","optional":true},"use_prior_artifact":{"type":"bool","description":"Use prior artifact if missing","description_kind":"plain","optional":true}},"block_types":{"default_artifact":{"nesting_mode":"list","block":{"attributes":{"artifact_account":{"type":"string","description":"Account of artifact","description_kind":"plain","optional":true},"custom_kind":{"type":"bool","description":"Artifact is custom kind","description_kind":"plain","optional":true},"id":{"type":"string","description_kind":"plain","computed":true},"location":{"type":"string","description_kind":"plain","optional":true},"metadata":{"type":["map","string"],"description":"Metadata","description_kind":"plain","optional":true},"name":{"type":"string","description_kind":"plain","optional":true},"reference":{"type":"string","description_kind":"plain","optional":true},"type":{"type":"string","description_kind":"plain","optional":true},"version":{"type":"string","description_kind":"plain","optional":true}},"description_kind":"plain"},"max_items":1},"match_artifact":{"nesting_mode":"list","block":{"attributes":{"artifact_account":{"type":"string","description":"Account of artifact","description_kind":"plain","optional":true},"custom_kind":{"type":"bool","description":"Artifact is custom kind","description_kind":"plain","optional":true},"id":{"type":"string","description_kind":"plain","computed":true},"location":{"type":"string","description_kind":"plain","optional":true},"metadata":{"type":["map","string"],"description":"Metadata","description_kind":"plain","optional":true},"name":{"type":"string","description_kind":"plain","optional":true},"reference":{"type":"string","description_kind":"plain","optional":true},"type":{"type":"string","description_kind":"plain","optional":true},"version":{"type":"string","description_kind":"plain","optional":true}},"description_kind":"plain"},"min_items":1,"max_items":1}},"description_kind":"plain"}},"notification":{"nesting_mode":"list","block":{"attributes":{"address":{"type":"string","description":"Address of the notification (slack channel, email, etc)","description_kind":"plain","required":true},"type":{"type":"string","description":"Type of notification (slack, email, etc)","description_kind":"plain","required":true}},"block_types":{"message":{"nesting_mode":"list","block":{"attributes":{"complete":{"type":"string","description_kind":"plain","optional":true},"failed":{"type":"string","description_kind":"plain","optional":true},"starting":{"type":"string","description_kind":"plain","optional":true}},"description_kind":"plain"},"max_items":1},"when":{"nesting_mode":"list","block":{"attributes":{"complete":{"type":"bool","description_kind":"plain","optional":true},"failed":{"type":"bool","description_kind":"plain","optional":true},"starting":{"type":"bool","description_kind":"plain","optional":true}},"description_kind":"plain"},"min_items":1,"max_items":1}},"description_kind":"plain"}},"restricted_execution_window":{"nesting_mode":"list","block":{"attributes":{"days":{"type":["list","number"],"description_kind":"plain","optional":true}},"block_types":{"jitter":{"nesting_mode":"list","block":{"attributes":{"enabled":{"type":"bool","description_kind":"plain","optional":true},"max_delay":{"type":"number","description_kind":"plain","optional":true},"min_delay":{"type":"number","description_kind":"plain","optional":true},"skip_manual":{"type":"bool","description_kind":"plain","optional":true}},"description_kind":"plain"},"max_items":1},"whitelist":{"nesting_mode":"list","block":{"attributes":{"end_hour":{"type":"number","description_kind":"plain","optional":true},"end_min":{"type":"number","description_kind":"plain","optional":true},"start_hour":{"type":"number","description_kind":"plain","optional":true},"start_min":{"type":"number","description_kind":"plain","optional":true}},"description_kind":"plain"}}},"description_kind":"plain"},"max_items":1},"stage_enabled":{"nesting_mode":"list","block":{"attributes":{"expression":{"type":"string","description_kind":"plain","optional":true},"type":{"type":"string","description_kind":"plain","optional":true}},"description_kind":"plain"},"max_items":1}},"description_kind":"plain"}},"spinnaker_pipeline_webhook_stage":{"version":0,"block":{"attributes":{"canceled_statuses":{"type":"string","description":"Comma-separated list of strings that will be considered as CANCELED status.","description_kind":"plain","optional":true},"complete_other_branches_then_fail":{"type":"bool","description":"halt this branch and fail the pipeline once other branches complete. Prevents any stages that depend on this stage from running, but allows other branches of the pipeline to run. The pipeline will be marked as failed once complete.","description_kind":"plain","optional":true},"continue_pipeline":{"type":"bool","description":"If false, marks the stage as successful right away without waiting for the jenkins job to complete","description_kind":"plain","optional":true},"custom_headers":{"type":["map","string"],"description":"Key-value pairs to be sent as additional headers to the service.","description_kind":"plain","optional":true},"fail_fast_status_codes":{"type":["list","string"],"description":"Comma-separated HTTP status codes (4xx or 5xx) that will cause this webhook stage to fail without retrying.","description_kind":"plain","optional":true},"fail_on_failed_expressions":{"type":"bool","description":"The stage will be marked as failed if it contains any failed expressions","description_kind":"plain","optional":true},"fail_pipeline":{"type":"bool","description":"If the stage fails, immediately halt execution of all running stages and fails the entire execution","description_kind":"plain","optional":true},"id":{"type":"string","description_kind":"plain","optional":true,"computed":true},"method":{"type":"string","description":"Config the HTTP method used for the webhook.","description_kind":"plain","optional":true},"name":{"type":"string","description":"Name of the stage","description_kind":"plain","required":true},"override_timeout":{"type":"bool","description":"[Deprecated, use stage_timeout_ms] Allows you to override the amount of time the stage can run before failing.\nNote: this represents the overall time the stage has to complete (the sum of all the task times).","description_kind":"plain","optional":true},"payload_string":{"type":"string","description":"JSON payload to be added to the webhook call.","description_kind":"plain","optional":true},"pipeline":{"type":"string","description":"Id of the pipeline","description_kind":"plain","required":true},"progress_json_path":{"type":"string","description":"JSON path to a descriptive message about the progress in the webhook's response JSON. (e.g. $.buildInfo.progress)","description_kind":"plain","optional":true},"required_artifact_ids":{"type":["list","string"],"description":"These artifacts must be present in the context for this stage to successfully complete. Artifacts specified will be bound to the deployed manifest.","description_kind":"plain","optional":true},"requisite_stage_ref_ids":{"type":["list","string"],"description":"Stage(s) that must be complete before this one","description_kind":"plain","optional":true},"restrict_execution_during_time_window":{"type":"bool","description":"Restrict execution to specific time windows","description_kind":"plain","optional":true},"stage_timeout_ms":{"type":"number","description":"Allows you to declare the amount of time the stage can run before failing, if override timeout is enabled.\nNote: this represents the overall time the stage has to complete (the sum of all the task times).","description_kind":"plain","optional":true},"status_json_path":{"type":"string","description":"JSON path to the status information in the webhook's response JSON. (e.g. $.buildInfo.status)","description_kind":"plain","optional":true},"status_url_json_path":{"type":"string","description":"JSON path to the status url in the webhook's response JSON. (i.e. $.buildInfo.url)","description_kind":"plain","optional":true},"status_url_resolution":{"type":"string","description":"Set the technique to lookup the overall status: webhookResponse - GET method against webhook URL; locationHeader - From the Location header; getMethod - From webhook’s response.","description_kind":"plain","optional":true},"success_statuses":{"type":"string","description":"Comma-separated list of strings that will be considered as SUCCESS status.","description_kind":"plain","optional":true},"terminal_statuses":{"type":"string","description":"Comma-separated list of strings that will be considered as TERMINAL status.","description_kind":"plain","optional":true},"url":{"type":"string","description":"Config the url for the webhook.","description_kind":"plain","required":true}},"block_types":{"expected_artifact":{"nesting_mode":"list","block":{"attributes":{"display_name":{"type":"string","description":"Name to display","description_kind":"plain","required":true},"id":{"type":"string","description":"ID of the artifact","description_kind":"plain","computed":true},"use_default_artifact":{"type":"bool","description":"Use default artifact if missing","description_kind":"plain","optional":true},"use_prior_artifact":{"type":"bool","description":"Use prior artifact if missing","description_kind":"plain","optional":true}},"block_types":{"default_artifact":{"nesting_mode":"list","block":{"attributes":{"artifact_account":{"type":"string","description":"Account of artifact","description_kind":"plain","optional":true},"custom_kind":{"type":"bool","description":"Artifact is custom kind","description_kind":"plain","optional":true},"id":{"type":"string","description_kind":"plain","computed":true},"location":{"type":"string","description_kind":"plain","optional":true},"metadata":{"type":["map","string"],"description":"Metadata","description_kind":"plain","optional":true},"name":{"type":"string","description_kind":"plain","optional":true},"reference":{"type":"string","description_kind":"plain","optional":true},"type":{"type":"string","description_kind":"plain","optional":true},"version":{"type":"string","description_kind":"plain","optional":true}},"description_kind":"plain"},"max_items":1},"match_artifact":{"nesting_mode":"list","block":{"attributes":{"artifact_account":{"type":"string","description":"Account of artifact","description_kind":"plain","optional":true},"custom_kind":{"type":"bool","description":"Artifact is custom kind","description_kind":"plain","optional":true},"id":{"type":"string","description_kind":"plain","computed":true},"location":{"type":"string","description_kind":"plain","optional":true},"metadata":{"type":["map","string"],"description":"Metadata","description_kind":"plain","optional":true},"name":{"type":"string","description_kind":"plain","optional":true},"reference":{"type":"string","description_kind":"plain","optional":true},"type":{"type":"string","description_kind":"plain","optional":true},"version":{"type":"string","description_kind":"plain","optional":true}},"description_kind":"plain"},"min_items":1,"max_items":1}},"description_kind":"plain"}},"notification":{"nesting_mode":"list","block":{"attributes":{"address":{"type":"string","description":"Address of the notification (slack channel, email, etc)","description_kind":"plain","required":true},"type":{"type":"string","description":"Type of notification (slack, email, etc)","description_kind":"plain","required":true}},"block_types":{"message":{"nesting_mode":"list","block":{"attributes":{"complete":{"type":"string","description_kind":"plain","optional":true},"failed":{"type":"string","description_kind":"plain","optional":true},"starting":{"type":"string","description_kind":"plain","optional":true}},"description_kind":"plain"},"max_items":1},"when":{"nesting_mode":"list","block":{"attributes":{"complete":{"type":"bool","description_kind":"plain","optional":true},"failed":{"type":"bool","description_kind":"plain","optional":true},"starting":{"type":"bool","description_kind":"plain","optional":true}},"description_kind":"plain"},"min_items":1,"max_items":1}},"description_kind":"plain"}},"restricted_execution_window":{"nesting_mode":"list","block":{"attributes":{"days":{"type":["list","number"],"description_kind":"plain","optional":true}},"block_types":{"jitter":{"nesting_mode":"list","block":{"attributes":{"enabled":{"type":"bool","description_kind":"plain","optional":true},"max_delay":{"type":"number","description_kind":"plain","optional":true},"min_delay":{"type":"number","description_kind":"plain","optional":true},"skip_manual":{"type":"bool","description_kind":"plain","optional":true}},"description_kind":"plain"},"max_items":1},"whitelist":{"nesting_mode":"list","block":{"attributes":{"end_hour":{"type":"number","description_kind":"plain","optional":true},"end_min":{"type":"number","description_kind":"plain","optional":true},"start_hour":{"type":"number","description_kind":"plain","optional":true},"start_min":{"type":"number","description_kind":"plain","optional":true}},"description_kind":"plain"}}},"description_kind":"plain"},"max_items":1},"stage_enabled":{"nesting_mode":"list","block":{"attributes":{"expression":{"type":"string","description_kind":"plain","optional":true},"type":{"type":"string","description_kind":"plain","optional":true}},"description_kind":"plain"},"max_items":1}},"description_kind":"plain"}},"spinnaker_pipeline_webhook_trigger":{"version":0,"block":{"attributes":{"enabled":{"type":"bool","description":"If the trigger is enabled","description_kind":"plain","optional":true},"id":{"type":"string","description_kind":"plain","optional":true,"computed":true},"payload_constraints":{"type":["map","string"],"description":"Payload contraints","description_kind":"plain","optional":true},"pipeline":{"type":"string","description":"Id of the pipeline to trigger","description_kind":"plain","required":true},"source":{"type":"string","description":"Name of the webhook source","description_kind":"plain","required":true}},"description_kind":"plain"}}},"data_source_schemas":{"spinnaker_canary_config":{"version":0,"block":{"attributes":{"applications":{"type":["list","string"],"description":"Applications","description_kind":"plain","optional":true},"config_version":{"type":"string","description":"Canary Config Version","description_kind":"plain","optional":true},"description":{"type":"string","description":"Canary Config Description","description_kind":"plain","optional":true},"id":{"type":"string","description_kind":"plain","optional":true,"computed":true},"name":{"type":"string","description":"Canary Config Name","description_kind":"plain","required":true}},"block_types":{"classifier":{"nesting_mode":"list","block":{"attributes":{"group_weights":{"type":["map","string"],"description_kind":"plain","required":true}},"description_kind":"plain"},"max_items":1},"judge":{"nesting_mode":"list","block":{"attributes":{"name":{"type":"string","description_kind":"plain","required":true}},"description_kind":"plain"},"max_items":1},"metric":{"nesting_mode":"list","block":{"attributes":{"groups":{"type":["list","string"],"description_kind":"plain","required":true},"name":{"type":"string","description_kind":"plain","required":true},"scope_name":{"type":"string","description_kind":"plain","optional":true}},"block_types":{"query":{"nesting_mode":"list","block":{"attributes":{"metric_name":{"type":"string","description_kind":"plain","required":true},"service_type":{"type":"string","description_kind":"plain","required":true},"type":{"type":"string","description_kind":"plain","required":true}},"description_kind":"plain"},"min_items":1,"max_items":1}},"description_kind":"plain"}}},"description_kind":"plain"}},"spinnaker_pipeline":{"version":0,"block":{"attributes":{"application":{"type":"string","description":"Name of the application where the pipeline lives","description_kind":"plain","required":true},"disabled":{"type":"bool","description":"If the pipeline is disabled","description_kind":"plain","computed":true},"id":{"type":"string","description_kind":"plain","optional":true,"computed":true},"index":{"type":"number","description":"Index of the pipeline","description_kind":"plain","computed":true},"keep_waiting_pipelines":{"type":"bool","description":"Do not automatically cancel pipelines waiting in queue","description_kind":"plain","computed":true},"limit_concurrent":{"type":"bool","description":"Disable concurrent pipeline executions (only run one at a time)","description_kind":"plain","computed":true},"locked":{"type":["list",["object",{"allow_unlock_ui":"bool","description":"string","ui":"bool"}]],"description":"Lock options","description_kind":"plain","computed":true},"name":{"type":"string","description":"Name of the pipeline","description_kind":"plain","required":true},"roles":{"type":["list","string"],"description":"When the pipeline is triggered using an automated trigger, these roles will be used to decide if the pipeline has permissions to access a protected application or account.\n\nTo read from a protected application or account, the pipeline must have at least one role that has read access to the application or account.\nTo write to a protected application or account, the pipeline must have at least one role that has write access to the application or account.\nNote: To prevent privilege escalation vulnerabilities, a user must be a member of all of the groups specified here in order to modify, and execute the pipeline.","description_kind":"plain","computed":true},"service_account":{"type":"string","description":"Service account to run pipeline","description_kind":"plain","computed":true}},"description_kind":"plain"}}}}}}
