{"format_version":"0.2","provider_schemas":{"registry.terraform.io/getstackhead/acme":{"provider":{"version":0,"block":{"attributes":{"server_url":{"type":"string","description_kind":"plain","required":true}},"description_kind":"plain"}},"resource_schemas":{"acme_certificate":{"version":5,"block":{"attributes":{"account_key_pem":{"type":"string","description_kind":"plain","required":true,"sensitive":true},"certificate_domain":{"type":"string","description_kind":"plain","computed":true},"certificate_p12":{"type":"string","description_kind":"plain","computed":true,"sensitive":true},"certificate_p12_password":{"type":"string","description_kind":"plain","optional":true,"sensitive":true},"certificate_pem":{"type":"string","description_kind":"plain","computed":true},"certificate_request_pem":{"type":"string","description_kind":"plain","optional":true},"certificate_url":{"type":"string","description_kind":"plain","computed":true},"common_name":{"type":"string","description_kind":"plain","optional":true},"disable_complete_propagation":{"type":"bool","description_kind":"plain","optional":true},"id":{"type":"string","description_kind":"plain","optional":true,"computed":true},"issuer_pem":{"type":"string","description_kind":"plain","computed":true},"key_type":{"type":"string","description_kind":"plain","optional":true},"min_days_remaining":{"type":"number","description_kind":"plain","optional":true},"must_staple":{"type":"bool","description_kind":"plain","optional":true},"pre_check_delay":{"type":"number","description_kind":"plain","optional":true},"private_key_pem":{"type":"string","description_kind":"plain","computed":true,"sensitive":true},"recursive_nameservers":{"type":["list","string"],"description_kind":"plain","optional":true},"subject_alternative_names":{"type":["set","string"],"description_kind":"plain","optional":true}},"block_types":{"dns_challenge":{"nesting_mode":"list","block":{"attributes":{"config":{"type":["map","string"],"description_kind":"plain","optional":true,"sensitive":true},"method":{"type":"string","description_kind":"plain","optional":true},"provider":{"type":"string","description_kind":"plain","required":true}},"description_kind":"plain"},"min_items":1}},"description_kind":"plain"}},"acme_registration":{"version":1,"block":{"attributes":{"account_key_pem":{"type":"string","description_kind":"plain","required":true,"sensitive":true},"email_address":{"type":"string","description_kind":"plain","required":true},"id":{"type":"string","description_kind":"plain","optional":true,"computed":true},"registration_url":{"type":"string","description_kind":"plain","computed":true}},"block_types":{"external_account_binding":{"nesting_mode":"list","block":{"attributes":{"hmac_base64":{"type":"string","description_kind":"plain","required":true,"sensitive":true},"key_id":{"type":"string","description_kind":"plain","required":true,"sensitive":true}},"description_kind":"plain"},"max_items":1}},"description_kind":"plain"}}}}}}
