{"format_version":"0.2","provider_schemas":{"registry.terraform.io/ggsood/elasticsearch":{"provider":{"version":0,"block":{"attributes":{"cacert_file":{"type":"string","description":"A Custom CA certificate","description_kind":"plain","optional":true},"insecure":{"type":"bool","description":"Disable SSL verification of API calls","description_kind":"plain","optional":true},"password":{"type":"string","description":"Password to use to connect to elasticsearch using basic auth","description_kind":"plain","optional":true},"retry":{"type":"number","description":"Nummber time it retry connexion before failed","description_kind":"plain","optional":true},"urls":{"type":"string","description":"Elasticsearch URLs","description_kind":"plain","required":true},"username":{"type":"string","description":"Username to use to connect to elasticsearch using basic auth","description_kind":"plain","optional":true},"wait_before_retry":{"type":"number","description":"Wait time in second before retry connexion","description_kind":"plain","optional":true}},"description_kind":"plain"}},"resource_schemas":{"elasticsearch_index_lifecycle_policy":{"version":0,"block":{"attributes":{"id":{"type":"string","description_kind":"plain","optional":true,"computed":true},"name":{"type":"string","description_kind":"plain","required":true},"policy":{"type":"string","description_kind":"plain","required":true}},"description_kind":"plain"}},"elasticsearch_index_template":{"version":0,"block":{"attributes":{"id":{"type":"string","description_kind":"plain","optional":true,"computed":true},"name":{"type":"string","description_kind":"plain","required":true},"template":{"type":"string","description_kind":"plain","required":true}},"description_kind":"plain"}},"elasticsearch_ingest_pipeline":{"version":0,"block":{"attributes":{"body":{"type":"string","description_kind":"plain","required":true},"id":{"type":"string","description_kind":"plain","optional":true,"computed":true},"name":{"type":"string","description_kind":"plain","required":true}},"description_kind":"plain"}},"elasticsearch_license":{"version":0,"block":{"attributes":{"basic_license":{"type":"string","description_kind":"plain","optional":true,"computed":true},"id":{"type":"string","description_kind":"plain","optional":true,"computed":true},"license":{"type":"string","description_kind":"plain","optional":true},"use_basic_license":{"type":"bool","description_kind":"plain","required":true}},"description_kind":"plain"}},"elasticsearch_role":{"version":0,"block":{"attributes":{"cluster":{"type":["set","string"],"description_kind":"plain","optional":true},"global":{"type":"string","description_kind":"plain","optional":true},"id":{"type":"string","description_kind":"plain","optional":true,"computed":true},"metadata":{"type":"string","description_kind":"plain","optional":true},"name":{"type":"string","description_kind":"plain","required":true},"run_as":{"type":["set","string"],"description_kind":"plain","optional":true}},"block_types":{"applications":{"nesting_mode":"set","block":{"attributes":{"application":{"type":"string","description_kind":"plain","required":true},"privileges":{"type":["set","string"],"description_kind":"plain","optional":true},"resources":{"type":["set","string"],"description_kind":"plain","optional":true}},"description_kind":"plain"}},"indices":{"nesting_mode":"set","block":{"attributes":{"field_security":{"type":"string","description_kind":"plain","optional":true},"names":{"type":["set","string"],"description_kind":"plain","required":true},"privileges":{"type":["set","string"],"description_kind":"plain","required":true},"query":{"type":"string","description_kind":"plain","optional":true}},"description_kind":"plain"}}},"description_kind":"plain"}},"elasticsearch_role_mapping":{"version":0,"block":{"attributes":{"enabled":{"type":"bool","description_kind":"plain","optional":true},"id":{"type":"string","description_kind":"plain","optional":true,"computed":true},"metadata":{"type":"string","description_kind":"plain","optional":true},"name":{"type":"string","description_kind":"plain","required":true},"roles":{"type":["set","string"],"description_kind":"plain","required":true},"rules":{"type":"string","description_kind":"plain","required":true}},"description_kind":"plain"}},"elasticsearch_snapshot_lifecycle_policy":{"version":0,"block":{"attributes":{"configs":{"type":"string","description_kind":"plain","optional":true},"id":{"type":"string","description_kind":"plain","optional":true,"computed":true},"name":{"type":"string","description_kind":"plain","required":true},"repository":{"type":"string","description_kind":"plain","required":true},"retention":{"type":"string","description_kind":"plain","optional":true},"schedule":{"type":"string","description_kind":"plain","required":true},"snapshot_name":{"type":"string","description_kind":"plain","required":true}},"description_kind":"plain"}},"elasticsearch_snapshot_repository":{"version":0,"block":{"attributes":{"id":{"type":"string","description_kind":"plain","optional":true,"computed":true},"name":{"type":"string","description_kind":"plain","required":true},"settings":{"type":["map","string"],"description_kind":"plain","required":true},"type":{"type":"string","description_kind":"plain","required":true}},"description_kind":"plain"}},"elasticsearch_user":{"version":0,"block":{"attributes":{"email":{"type":"string","description_kind":"plain","optional":true},"enabled":{"type":"bool","description_kind":"plain","optional":true},"full_name":{"type":"string","description_kind":"plain","optional":true},"id":{"type":"string","description_kind":"plain","optional":true,"computed":true},"metadata":{"type":"string","description_kind":"plain","optional":true},"password":{"type":"string","description_kind":"plain","optional":true},"password_hash":{"type":"string","description_kind":"plain","optional":true},"roles":{"type":["set","string"],"description_kind":"plain","required":true},"username":{"type":"string","description_kind":"plain","required":true}},"description_kind":"plain"}},"elasticsearch_watcher":{"version":0,"block":{"attributes":{"actions":{"type":"string","description_kind":"plain","optional":true},"condition":{"type":"string","description_kind":"plain","optional":true},"id":{"type":"string","description_kind":"plain","optional":true,"computed":true},"input":{"type":"string","description_kind":"plain","optional":true},"metadata":{"type":"string","description_kind":"plain","optional":true},"name":{"type":"string","description_kind":"plain","required":true},"throttle_period":{"type":"string","description_kind":"plain","optional":true},"trigger":{"type":"string","description_kind":"plain","optional":true}},"description_kind":"plain"}},"elasticsearch_xpack_data_stream_template":{"version":0,"block":{"attributes":{"id":{"type":"string","description_kind":"plain","optional":true,"computed":true},"name":{"type":"string","description_kind":"plain","required":true},"template":{"type":"string","description_kind":"plain","required":true}},"description_kind":"plain"}}}}}}
