{"format_version":"0.2","provider_schemas":{"registry.terraform.io/ggsood/ec":{"provider":{"version":0,"block":{"attributes":{"apikey":{"type":"string","description":"API Key to use for API authentication. The only valid authentication mechanism for the Elasticsearch Service.","description_kind":"plain","optional":true,"sensitive":true},"endpoint":{"type":"string","description":"Endpoint where the terraform provider will point to. Defaults to \"https://api.elastic-cloud.com\".","description_kind":"plain","optional":true},"insecure":{"type":"bool","description":"Allow the provider to skip TLS validation on its outgoing HTTP calls.","description_kind":"plain","optional":true},"password":{"type":"string","description":"Password to use for API authentication. Available only when targeting ECE Installations or Elasticsearch Service Private.","description_kind":"plain","optional":true,"sensitive":true},"timeout":{"type":"string","description":"Timeout used for individual HTTP calls. Defaults to \"1m\".","description_kind":"plain","optional":true},"username":{"type":"string","description":"Username to use for API authentication. Available only when targeting ECE Installations or Elasticsearch Service Private.","description_kind":"plain","optional":true},"verbose":{"type":"bool","description":"When set, a \"request.log\" file will be written with all outgoing HTTP requests. Defaults to \"false\".","description_kind":"plain","optional":true},"verbose_credentials":{"type":"bool","description":"When set with verbose, the contents of the Authorization header will not be redacted. Defaults to \"false\".","description_kind":"plain","optional":true},"verbose_file":{"type":"string","description":"Timeout used for individual HTTP calls. Defaults to \"1m\".","description_kind":"plain","optional":true}},"description_kind":"plain"}},"resource_schemas":{"ec_deployment":{"version":0,"block":{"attributes":{"apm_secret_token":{"type":"string","description_kind":"plain","computed":true,"sensitive":true},"deployment_template_id":{"type":"string","description":"Required Deployment Template identifier to create the deployment from","description_kind":"plain","required":true},"elasticsearch_password":{"type":"string","description":"Computed password obtained upon creating the Elasticsearch resource","description_kind":"plain","computed":true,"sensitive":true},"elasticsearch_username":{"type":"string","description":"Computed username obtained upon creating the Elasticsearch resource","description_kind":"plain","computed":true},"id":{"type":"string","description_kind":"plain","optional":true,"computed":true},"name":{"type":"string","description":"Optional name for the deployment","description_kind":"plain","optional":true},"region":{"type":"string","description":"Required ESS region where to create the deployment, for ECE environments \"ece-region\" must be set","description_kind":"plain","required":true},"request_id":{"type":"string","description":"Optional request_id to set on the create operation, only use when previous create attempts return with an error and a request_id is returned as part of the error","description_kind":"plain","optional":true},"traffic_filter":{"type":["set","string"],"description":"Optional list of traffic filters to apply to this deployment.","description_kind":"plain","optional":true},"version":{"type":"string","description":"Required Elastic Stack version to use for all of the deployment resources","description_kind":"plain","required":true}},"block_types":{"apm":{"nesting_mode":"list","block":{"attributes":{"elasticsearch_cluster_ref_id":{"type":"string","description_kind":"plain","optional":true},"http_endpoint":{"type":"string","description_kind":"plain","computed":true},"https_endpoint":{"type":"string","description_kind":"plain","computed":true},"ref_id":{"type":"string","description_kind":"plain","optional":true},"region":{"type":"string","description_kind":"plain","computed":true},"resource_id":{"type":"string","description_kind":"plain","computed":true},"version":{"type":"string","description_kind":"plain","computed":true}},"block_types":{"config":{"nesting_mode":"list","block":{"attributes":{"debug_enabled":{"type":"bool","description":"Optionally enable debug mode for APM servers - defaults to false","description_kind":"plain","optional":true},"user_settings_json":{"type":"string","description":"An arbitrary JSON object allowing (non-admin) cluster owners to set their parameters (only one of this and 'user_settings_yaml' is allowed), provided they are on the whitelist ('user_settings_whitelist') and not on the blacklist ('user_settings_blacklist'). (This field together with 'user_settings_override*' and 'system_settings' defines the total set of resource settings)","description_kind":"plain","optional":true},"user_settings_override_json":{"type":"string","description":"An arbitrary JSON object allowing ECE admins owners to set clusters' parameters (only one of this and 'user_settings_override_yaml' is allowed), ie in addition to the documented 'system_settings'. (This field together with 'system_settings' and 'user_settings*' defines the total set of resource settings)","description_kind":"plain","optional":true},"user_settings_override_yaml":{"type":"string","description":"An arbitrary YAML object allowing (non-admin) cluster owners to set their parameters (only one of this and 'user_settings_json' is allowed), provided they are on the whitelist ('user_settings_whitelist') and not on the blacklist ('user_settings_blacklist'). (These field together with 'user_settings_override*' and 'system_settings' defines the total set of resource settings)","description_kind":"plain","optional":true},"user_settings_yaml":{"type":"string","description":"An arbitrary YAML object allowing ECE admins owners to set clusters' parameters (only one of this and 'user_settings_override_json' is allowed), ie in addition to the documented 'system_settings'. (This field together with 'system_settings' and 'user_settings*' defines the total set of resource settings)","description_kind":"plain","optional":true}},"description":"Optionally define the Apm configuration options for the APM Server","description_kind":"plain"},"max_items":1},"topology":{"nesting_mode":"list","block":{"attributes":{"instance_configuration_id":{"type":"string","description_kind":"plain","optional":true,"computed":true},"size":{"type":"string","description_kind":"plain","optional":true,"computed":true},"size_resource":{"type":"string","description":"Optional size type, defaults to \"memory\".","description_kind":"plain","optional":true},"zone_count":{"type":"number","description_kind":"plain","optional":true,"computed":true}},"block_types":{"config":{"nesting_mode":"list","block":{"attributes":{"debug_enabled":{"type":"bool","description":"Optionally enable debug mode for APM servers - defaults to false","description_kind":"plain","optional":true},"user_settings_json":{"type":"string","description":"An arbitrary JSON object allowing (non-admin) cluster owners to set their parameters (only one of this and 'user_settings_yaml' is allowed), provided they are on the whitelist ('user_settings_whitelist') and not on the blacklist ('user_settings_blacklist'). (This field together with 'user_settings_override*' and 'system_settings' defines the total set of resource settings)","description_kind":"plain","optional":true},"user_settings_override_json":{"type":"string","description":"An arbitrary JSON object allowing ECE admins owners to set clusters' parameters (only one of this and 'user_settings_override_yaml' is allowed), ie in addition to the documented 'system_settings'. (This field together with 'system_settings' and 'user_settings*' defines the total set of resource settings)","description_kind":"plain","optional":true},"user_settings_override_yaml":{"type":"string","description":"An arbitrary YAML object allowing (non-admin) cluster owners to set their parameters (only one of this and 'user_settings_json' is allowed), provided they are on the whitelist ('user_settings_whitelist') and not on the blacklist ('user_settings_blacklist'). (These field together with 'user_settings_override*' and 'system_settings' defines the total set of resource settings)","description_kind":"plain","optional":true},"user_settings_yaml":{"type":"string","description":"An arbitrary YAML object allowing ECE admins owners to set clusters' parameters (only one of this and 'user_settings_override_json' is allowed), ie in addition to the documented 'system_settings'. (This field together with 'system_settings' and 'user_settings*' defines the total set of resource settings)","description_kind":"plain","optional":true}},"description":"Optionally define the Apm configuration options for the APM Server","description_kind":"plain"},"max_items":1}},"description_kind":"plain"}}},"description":"Optional APM resource definition","description_kind":"plain"},"max_items":1},"elasticsearch":{"nesting_mode":"list","block":{"attributes":{"cloud_id":{"type":"string","description":"The encoded Elasticsearch credentials to use in Beats or Logstash","description_kind":"plain","computed":true},"http_endpoint":{"type":"string","description":"The Elasticsearch resource HTTP endpoint","description_kind":"plain","computed":true},"https_endpoint":{"type":"string","description":"The Elasticsearch resource HTTPs endpoint","description_kind":"plain","computed":true},"ref_id":{"type":"string","description":"Optional ref_id to set on the Elasticsearch resource","description_kind":"plain","optional":true},"region":{"type":"string","description":"The Elasticsearch resource region","description_kind":"plain","computed":true},"resource_id":{"type":"string","description":"The Elasticsearch resource unique identifier","description_kind":"plain","computed":true},"version":{"type":"string","description":"The Elasticsearch resource current version","description_kind":"plain","computed":true}},"block_types":{"config":{"nesting_mode":"list","block":{"attributes":{"plugins":{"type":["set","string"],"description":"List of Elasticsearch supported plugins, which vary from version to version. Check the Stack Pack version to see which plugins are supported for each version. This is currently only available from the UI and [ecctl](https://www.elastic.co/guide/en/ecctl/master/ecctl_stack_list.html)","description_kind":"plain","optional":true},"user_settings_json":{"type":"string","description":"JSON-formatted user level \"elasticsearch.yml\" setting overrides","description_kind":"plain","optional":true},"user_settings_override_json":{"type":"string","description":"JSON-formatted admin (ECE) level \"elasticsearch.yml\" setting overrides","description_kind":"plain","optional":true},"user_settings_override_yaml":{"type":"string","description":"YAML-formatted admin (ECE) level \"elasticsearch.yml\" setting overrides","description_kind":"plain","optional":true},"user_settings_yaml":{"type":"string","description":"YAML-formatted user level \"elasticsearch.yml\" setting overrides","description_kind":"plain","optional":true}},"description":"Optional Elasticsearch settings which will be applied to all topologies unless overridden on the topology element","description_kind":"plain"},"max_items":1},"remote_cluster":{"nesting_mode":"list","block":{"attributes":{"alias":{"type":"string","description":"Alias for this Cross Cluster Search binding","description_kind":"plain","optional":true},"deployment_id":{"type":"string","description":"Remote deployment ID","description_kind":"plain","required":true},"ref_id":{"type":"string","description":"Remote elasticsearch \"ref_id\", it is best left to the default value","description_kind":"plain","optional":true},"skip_unavailable":{"type":"bool","description":"If true, skip the cluster during search when disconnected","description_kind":"plain","optional":true}},"description":"Optional Elasticsearch remote clusters to configure for the Elasticsearch resource, can be set multiple times","description_kind":"plain"}},"topology":{"nesting_mode":"list","block":{"attributes":{"instance_configuration_id":{"type":"string","description":"Optional Instance Configuration ID from the deployment template","description_kind":"plain","optional":true,"computed":true},"node_type_data":{"type":"bool","description":"Node type (data) for the Elasticsearch Topology element","description_kind":"plain","computed":true},"node_type_ingest":{"type":"bool","description":"Node type (ingest) for the Elasticsearch Topology element","description_kind":"plain","computed":true},"node_type_master":{"type":"bool","description":"Node type (master) for the Elasticsearch Topology element","description_kind":"plain","computed":true},"node_type_ml":{"type":"bool","description":"Node type (machine learning) for the Elasticsearch Topology element","description_kind":"plain","computed":true},"size":{"type":"string","description":"Optional amount of memory per node in the \"\u003csize in GB\u003eg\" notation","description_kind":"plain","optional":true,"computed":true},"size_resource":{"type":"string","description":"Optional size type, defaults to \"memory\".","description_kind":"plain","optional":true},"zone_count":{"type":"number","description":"Optional number of zones that the Elasticsearch cluster will span. This is used to set HA","description_kind":"plain","optional":true,"computed":true}},"block_types":{"config":{"nesting_mode":"list","block":{"attributes":{"plugins":{"type":["set","string"],"description":"List of Elasticsearch supported plugins, which vary from version to version. Check the Stack Pack version to see which plugins are supported for each version. This is currently only available from the UI and [ecctl](https://www.elastic.co/guide/en/ecctl/master/ecctl_stack_list.html)","description_kind":"plain","optional":true},"user_settings_json":{"type":"string","description":"JSON-formatted user level \"elasticsearch.yml\" setting overrides","description_kind":"plain","optional":true},"user_settings_override_json":{"type":"string","description":"JSON-formatted admin (ECE) level \"elasticsearch.yml\" setting overrides","description_kind":"plain","optional":true},"user_settings_override_yaml":{"type":"string","description":"YAML-formatted admin (ECE) level \"elasticsearch.yml\" setting overrides","description_kind":"plain","optional":true},"user_settings_yaml":{"type":"string","description":"YAML-formatted user level \"elasticsearch.yml\" setting overrides","description_kind":"plain","optional":true}},"description":"Optional Elasticsearch settings which will be applied to all topologies unless overridden on the topology element","description_kind":"plain"},"max_items":1}},"description":"Optional topology element which must be set once but can be set multiple times to compose complex topologies","description_kind":"plain"}}},"description":"Required Elasticsearch resource definition","description_kind":"plain"},"min_items":1,"max_items":1},"enterprise_search":{"nesting_mode":"list","block":{"attributes":{"elasticsearch_cluster_ref_id":{"type":"string","description_kind":"plain","optional":true},"http_endpoint":{"type":"string","description_kind":"plain","computed":true},"https_endpoint":{"type":"string","description_kind":"plain","computed":true},"ref_id":{"type":"string","description_kind":"plain","optional":true},"region":{"type":"string","description_kind":"plain","computed":true},"resource_id":{"type":"string","description_kind":"plain","computed":true},"version":{"type":"string","description_kind":"plain","computed":true}},"block_types":{"config":{"nesting_mode":"list","block":{"attributes":{"user_settings_json":{"type":"string","description":"An arbitrary JSON object allowing (non-admin) cluster owners to set their parameters (only one of this and 'user_settings_yaml' is allowed), provided they are on the whitelist ('user_settings_whitelist') and not on the blacklist ('user_settings_blacklist'). (This field together with 'user_settings_override*' and 'system_settings' defines the total set of resource settings)","description_kind":"plain","optional":true},"user_settings_override_json":{"type":"string","description":"An arbitrary JSON object allowing ECE admins owners to set clusters' parameters (only one of this and 'user_settings_override_yaml' is allowed), ie in addition to the documented 'system_settings'. (This field together with 'system_settings' and 'user_settings*' defines the total set of resource settings)","description_kind":"plain","optional":true},"user_settings_override_yaml":{"type":"string","description":"An arbitrary YAML object allowing (non-admin) cluster owners to set their parameters (only one of this and 'user_settings_json' is allowed), provided they are on the whitelist ('user_settings_whitelist') and not on the blacklist ('user_settings_blacklist'). (These field together with 'user_settings_override*' and 'system_settings' defines the total set of resource settings)","description_kind":"plain","optional":true},"user_settings_yaml":{"type":"string","description":"An arbitrary YAML object allowing ECE admins owners to set clusters' parameters (only one of this and 'user_settings_override_json' is allowed), ie in addition to the documented 'system_settings'. (This field together with 'system_settings' and 'user_settings*' defines the total set of resource settings)","description_kind":"plain","optional":true}},"description":"Optionally define the Enterprise Search configuration options for the Enterprise Search Server","description_kind":"plain"},"max_items":1},"topology":{"nesting_mode":"list","block":{"attributes":{"instance_configuration_id":{"type":"string","description_kind":"plain","optional":true,"computed":true},"node_type_appserver":{"type":"bool","description_kind":"plain","computed":true},"node_type_connector":{"type":"bool","description_kind":"plain","computed":true},"node_type_worker":{"type":"bool","description_kind":"plain","computed":true},"size":{"type":"string","description_kind":"plain","optional":true,"computed":true},"size_resource":{"type":"string","description":"Optional size type, defaults to \"memory\".","description_kind":"plain","optional":true},"zone_count":{"type":"number","description_kind":"plain","optional":true,"computed":true}},"block_types":{"config":{"nesting_mode":"list","block":{"attributes":{"user_settings_json":{"type":"string","description":"An arbitrary JSON object allowing (non-admin) cluster owners to set their parameters (only one of this and 'user_settings_yaml' is allowed), provided they are on the whitelist ('user_settings_whitelist') and not on the blacklist ('user_settings_blacklist'). (This field together with 'user_settings_override*' and 'system_settings' defines the total set of resource settings)","description_kind":"plain","optional":true},"user_settings_override_json":{"type":"string","description":"An arbitrary JSON object allowing ECE admins owners to set clusters' parameters (only one of this and 'user_settings_override_yaml' is allowed), ie in addition to the documented 'system_settings'. (This field together with 'system_settings' and 'user_settings*' defines the total set of resource settings)","description_kind":"plain","optional":true},"user_settings_override_yaml":{"type":"string","description":"An arbitrary YAML object allowing (non-admin) cluster owners to set their parameters (only one of this and 'user_settings_json' is allowed), provided they are on the whitelist ('user_settings_whitelist') and not on the blacklist ('user_settings_blacklist'). (These field together with 'user_settings_override*' and 'system_settings' defines the total set of resource settings)","description_kind":"plain","optional":true},"user_settings_yaml":{"type":"string","description":"An arbitrary YAML object allowing ECE admins owners to set clusters' parameters (only one of this and 'user_settings_override_json' is allowed), ie in addition to the documented 'system_settings'. (This field together with 'system_settings' and 'user_settings*' defines the total set of resource settings)","description_kind":"plain","optional":true}},"description":"Optionally define the Enterprise Search configuration options for the Enterprise Search Server","description_kind":"plain"},"max_items":1}},"description_kind":"plain"}}},"description":"Optional Enterprise Search resource definition","description_kind":"plain"},"max_items":1},"kibana":{"nesting_mode":"list","block":{"attributes":{"elasticsearch_cluster_ref_id":{"type":"string","description_kind":"plain","optional":true},"http_endpoint":{"type":"string","description_kind":"plain","computed":true},"https_endpoint":{"type":"string","description_kind":"plain","computed":true},"ref_id":{"type":"string","description_kind":"plain","optional":true},"region":{"type":"string","description_kind":"plain","computed":true},"resource_id":{"type":"string","description_kind":"plain","computed":true},"version":{"type":"string","description_kind":"plain","computed":true}},"block_types":{"config":{"nesting_mode":"list","block":{"attributes":{"user_settings_json":{"type":"string","description":"An arbitrary JSON object allowing (non-admin) cluster owners to set their parameters (only one of this and 'user_settings_yaml' is allowed), provided they are on the whitelist ('user_settings_whitelist') and not on the blacklist ('user_settings_blacklist'). (This field together with 'user_settings_override*' and 'system_settings' defines the total set of resource settings)","description_kind":"plain","optional":true},"user_settings_override_json":{"type":"string","description":"An arbitrary JSON object allowing ECE admins owners to set clusters' parameters (only one of this and 'user_settings_override_yaml' is allowed), ie in addition to the documented 'system_settings'. (This field together with 'system_settings' and 'user_settings*' defines the total set of resource settings)","description_kind":"plain","optional":true},"user_settings_override_yaml":{"type":"string","description":"An arbitrary YAML object allowing (non-admin) cluster owners to set their parameters (only one of this and 'user_settings_json' is allowed), provided they are on the whitelist ('user_settings_whitelist') and not on the blacklist ('user_settings_blacklist'). (These field together with 'user_settings_override*' and 'system_settings' defines the total set of resource settings)","description_kind":"plain","optional":true},"user_settings_yaml":{"type":"string","description":"An arbitrary YAML object allowing ECE admins owners to set clusters' parameters (only one of this and 'user_settings_override_json' is allowed), ie in addition to the documented 'system_settings'. (This field together with 'system_settings' and 'user_settings*' defines the total set of resource settings)","description_kind":"plain","optional":true}},"description":"Optionally define the Kibana configuration options for the Kibana Server","description_kind":"plain"},"max_items":1},"topology":{"nesting_mode":"list","block":{"attributes":{"instance_configuration_id":{"type":"string","description_kind":"plain","optional":true,"computed":true},"size":{"type":"string","description_kind":"plain","optional":true,"computed":true},"size_resource":{"type":"string","description":"Optional size type, defaults to \"memory\".","description_kind":"plain","optional":true},"zone_count":{"type":"number","description_kind":"plain","optional":true,"computed":true}},"block_types":{"config":{"nesting_mode":"list","block":{"attributes":{"user_settings_json":{"type":"string","description":"An arbitrary JSON object allowing (non-admin) cluster owners to set their parameters (only one of this and 'user_settings_yaml' is allowed), provided they are on the whitelist ('user_settings_whitelist') and not on the blacklist ('user_settings_blacklist'). (This field together with 'user_settings_override*' and 'system_settings' defines the total set of resource settings)","description_kind":"plain","optional":true},"user_settings_override_json":{"type":"string","description":"An arbitrary JSON object allowing ECE admins owners to set clusters' parameters (only one of this and 'user_settings_override_yaml' is allowed), ie in addition to the documented 'system_settings'. (This field together with 'system_settings' and 'user_settings*' defines the total set of resource settings)","description_kind":"plain","optional":true},"user_settings_override_yaml":{"type":"string","description":"An arbitrary YAML object allowing (non-admin) cluster owners to set their parameters (only one of this and 'user_settings_json' is allowed), provided they are on the whitelist ('user_settings_whitelist') and not on the blacklist ('user_settings_blacklist'). (These field together with 'user_settings_override*' and 'system_settings' defines the total set of resource settings)","description_kind":"plain","optional":true},"user_settings_yaml":{"type":"string","description":"An arbitrary YAML object allowing ECE admins owners to set clusters' parameters (only one of this and 'user_settings_override_json' is allowed), ie in addition to the documented 'system_settings'. (This field together with 'system_settings' and 'user_settings*' defines the total set of resource settings)","description_kind":"plain","optional":true}},"description":"Optionally define the Kibana configuration options for the Kibana Server","description_kind":"plain"},"max_items":1}},"description_kind":"plain"}}},"description":"Optional Kibana resource definition","description_kind":"plain"},"max_items":1},"observability":{"nesting_mode":"list","block":{"attributes":{"deployment_id":{"type":"string","description_kind":"plain","required":true},"logs":{"type":"bool","description_kind":"plain","optional":true},"metrics":{"type":"bool","description_kind":"plain","optional":true},"ref_id":{"type":"string","description_kind":"plain","optional":true,"computed":true}},"description":"Optional observability settings. Ship logs and metrics to a dedicated deployment.","description_kind":"plain"},"max_items":1},"timeouts":{"nesting_mode":"single","block":{"attributes":{"default":{"type":"string","description_kind":"plain","optional":true},"delete":{"type":"string","description_kind":"plain","optional":true},"update":{"type":"string","description_kind":"plain","optional":true}},"description_kind":"plain"}}},"description":"Elastic Cloud Deployment resource","description_kind":"plain"}},"ec_deployment_traffic_filter":{"version":0,"block":{"attributes":{"description":{"type":"string","description":"Optional ruleset description","description_kind":"plain","optional":true},"id":{"type":"string","description_kind":"plain","optional":true,"computed":true},"include_by_default":{"type":"bool","description":"Should the ruleset be automatically included in the new deployments (Defaults to false)","description_kind":"plain","optional":true},"name":{"type":"string","description":"Required name of the ruleset","description_kind":"plain","required":true},"region":{"type":"string","description":"Required filter region, the ruleset can only be attached to deployments in the specific region","description_kind":"plain","required":true},"type":{"type":"string","description":"Required type of the ruleset (\"ip\" or \"vpce\")","description_kind":"plain","required":true}},"block_types":{"rule":{"nesting_mode":"list","block":{"attributes":{"description":{"type":"string","description":"Optional rule description","description_kind":"plain","optional":true},"id":{"type":"string","description":"Computed rule ID","description_kind":"plain","computed":true},"source":{"type":"string","description":"Required traffic filter source: IP address, CIDR mask, or VPC endpoint ID","description_kind":"plain","required":true}},"description":"Required list of rules, which the ruleset is made of.","description_kind":"plain"},"min_items":1},"timeouts":{"nesting_mode":"single","block":{"attributes":{"default":{"type":"string","description_kind":"plain","optional":true}},"description_kind":"plain"}}},"description":"Elastic Cloud deployment traffic filtering rules","description_kind":"plain"}},"ec_deployment_traffic_filter_association":{"version":0,"block":{"attributes":{"deployment_id":{"type":"string","description":"Required deployment ID where the traffic filter will be associated","description_kind":"plain","required":true},"id":{"type":"string","description_kind":"plain","optional":true,"computed":true},"traffic_filter_id":{"type":"string","description":"Required traffic filter ruleset ID to tie to a deployment","description_kind":"plain","required":true}},"block_types":{"timeouts":{"nesting_mode":"single","block":{"attributes":{"default":{"type":"string","description_kind":"plain","optional":true}},"description_kind":"plain"}}},"description":"Elastic Cloud deployment traffic filtering association","description_kind":"plain"}}},"data_source_schemas":{"ec_deployment":{"version":0,"block":{"attributes":{"apm":{"type":["list",["object",{"elasticsearch_cluster_ref_id":"string","healthy":"bool","http_endpoint":"string","https_endpoint":"string","ref_id":"string","resource_id":"string","status":"string","topology":["list",["object",{"instance_configuration_id":"string","size":"string","size_resource":"string","zone_count":"number"}]],"version":"string"}]],"description_kind":"plain","computed":true},"deployment_template_id":{"type":"string","description_kind":"plain","computed":true},"elasticsearch":{"type":["list",["object",{"cloud_id":"string","healthy":"bool","http_endpoint":"string","https_endpoint":"string","ref_id":"string","resource_id":"string","status":"string","topology":["list",["object",{"instance_configuration_id":"string","node_type_data":"bool","node_type_ingest":"bool","node_type_master":"bool","node_type_ml":"bool","size":"string","size_resource":"string","zone_count":"number"}]],"version":"string"}]],"description_kind":"plain","computed":true},"enterprise_search":{"type":["list",["object",{"elasticsearch_cluster_ref_id":"string","healthy":"bool","http_endpoint":"string","https_endpoint":"string","ref_id":"string","resource_id":"string","status":"string","topology":["list",["object",{"instance_configuration_id":"string","node_type_appserver":"bool","node_type_connector":"bool","node_type_worker":"bool","size":"string","size_resource":"string","zone_count":"number"}]],"version":"string"}]],"description_kind":"plain","computed":true},"healthy":{"type":"bool","description_kind":"plain","computed":true},"id":{"type":"string","description_kind":"plain","required":true},"kibana":{"type":["list",["object",{"elasticsearch_cluster_ref_id":"string","healthy":"bool","http_endpoint":"string","https_endpoint":"string","ref_id":"string","resource_id":"string","status":"string","topology":["list",["object",{"instance_configuration_id":"string","size":"string","size_resource":"string","zone_count":"number"}]],"version":"string"}]],"description_kind":"plain","computed":true},"name":{"type":"string","description_kind":"plain","computed":true},"observability":{"type":["list",["object",{"deployment_id":"string","logs":"bool","metrics":"bool","ref_id":"string"}]],"description_kind":"plain","computed":true},"region":{"type":"string","description_kind":"plain","computed":true},"traffic_filter":{"type":["list","string"],"description_kind":"plain","computed":true}},"block_types":{"timeouts":{"nesting_mode":"single","block":{"attributes":{"default":{"type":"string","description_kind":"plain","optional":true}},"description_kind":"plain"}}},"description_kind":"plain"}},"ec_deployments":{"version":0,"block":{"attributes":{"deployment_template_id":{"type":"string","description_kind":"plain","optional":true},"deployments":{"type":["list",["object",{"apm_resource_id":"string","deployment_id":"string","elasticsearch_resource_id":"string","enterprise_search_resource_id":"string","kibana_resource_id":"string"}]],"description_kind":"plain","computed":true},"healthy":{"type":"string","description_kind":"plain","optional":true},"id":{"type":"string","description_kind":"plain","optional":true,"computed":true},"name_prefix":{"type":"string","description_kind":"plain","optional":true},"return_count":{"type":"number","description_kind":"plain","computed":true}},"block_types":{"apm":{"nesting_mode":"list","block":{"attributes":{"healthy":{"type":"string","description_kind":"plain","optional":true},"status":{"type":"string","description_kind":"plain","optional":true},"version":{"type":"string","description_kind":"plain","optional":true}},"description_kind":"plain"},"max_items":1},"elasticsearch":{"nesting_mode":"list","block":{"attributes":{"healthy":{"type":"string","description_kind":"plain","optional":true},"status":{"type":"string","description_kind":"plain","optional":true},"version":{"type":"string","description_kind":"plain","optional":true}},"description_kind":"plain"},"max_items":1},"enterprise_search":{"nesting_mode":"list","block":{"attributes":{"healthy":{"type":"string","description_kind":"plain","optional":true},"status":{"type":"string","description_kind":"plain","optional":true},"version":{"type":"string","description_kind":"plain","optional":true}},"description_kind":"plain"},"max_items":1},"kibana":{"nesting_mode":"list","block":{"attributes":{"healthy":{"type":"string","description_kind":"plain","optional":true},"status":{"type":"string","description_kind":"plain","optional":true},"version":{"type":"string","description_kind":"plain","optional":true}},"description_kind":"plain"},"max_items":1},"timeouts":{"nesting_mode":"single","block":{"attributes":{"default":{"type":"string","description_kind":"plain","optional":true}},"description_kind":"plain"}}},"description_kind":"plain"}},"ec_stack":{"version":0,"block":{"attributes":{"accessible":{"type":"bool","description_kind":"plain","computed":true},"allowlisted":{"type":"bool","description_kind":"plain","computed":true},"apm":{"type":["list",["object",{"capacity_constraints_max":"number","capacity_constraints_min":"number","compatible_node_types":["list","string"],"default_plugins":["list","string"],"denylist":["list","string"],"docker_image":"string","plugins":["list","string"]}]],"description_kind":"plain","computed":true},"elasticsearch":{"type":["list",["object",{"capacity_constraints_max":"number","capacity_constraints_min":"number","compatible_node_types":["list","string"],"default_plugins":["list","string"],"denylist":["list","string"],"docker_image":"string","plugins":["list","string"]}]],"description_kind":"plain","computed":true},"enterprise_search":{"type":["list",["object",{"capacity_constraints_max":"number","capacity_constraints_min":"number","compatible_node_types":["list","string"],"default_plugins":["list","string"],"denylist":["list","string"],"docker_image":"string","plugins":["list","string"]}]],"description_kind":"plain","computed":true},"id":{"type":"string","description_kind":"plain","optional":true,"computed":true},"kibana":{"type":["list",["object",{"capacity_constraints_max":"number","capacity_constraints_min":"number","compatible_node_types":["list","string"],"default_plugins":["list","string"],"denylist":["list","string"],"docker_image":"string","plugins":["list","string"]}]],"description_kind":"plain","computed":true},"lock":{"type":"bool","description_kind":"plain","optional":true},"min_upgradable_from":{"type":"string","description_kind":"plain","computed":true},"region":{"type":"string","description_kind":"plain","required":true},"upgradable_to":{"type":["list","string"],"description_kind":"plain","computed":true},"version":{"type":"string","description_kind":"plain","computed":true},"version_regex":{"type":"string","description_kind":"plain","required":true}},"block_types":{"timeouts":{"nesting_mode":"single","block":{"attributes":{"default":{"type":"string","description_kind":"plain","optional":true}},"description_kind":"plain"}}},"description_kind":"plain"}}}}}}
