{"format_version":"0.2","provider_schemas":{"registry.terraform.io/gi0baro/cassandra":{"provider":{"version":0,"block":{"attributes":{"connection_timeout":{"type":"number","description":"Connection timeout in milliseconds","description_kind":"plain","optional":true},"host":{"type":"string","description":"Cassandra host","description_kind":"plain","optional":true},"host_filter":{"type":"bool","description":"Filter all incoming events for host. Hosts have to existing before using this provider","description_kind":"plain","optional":true},"hosts":{"type":["list","string"],"description":"Cassandra hosts","description_kind":"plain","optional":true},"min_tls_version":{"type":"string","description":"Minimum TLS Version used to connect to the cluster - allowed values are SSL3.0, TLS1.0, TLS1.1, TLS1.2. Applies only when useSSL is enabled","description_kind":"plain","optional":true},"password":{"type":"string","description":"Cassandra password","description_kind":"plain","optional":true,"sensitive":true},"port":{"type":"number","description":"Cassandra CQL Port","description_kind":"plain","optional":true},"protocol_version":{"type":"number","description":"CQL Binary Protocol Version","description_kind":"plain","optional":true},"root_ca":{"type":"string","description":"Use root CA to connect to Cluster. Applies only when useSSL is enabled","description_kind":"plain","optional":true},"use_ssl":{"type":"bool","description":"Use SSL when connecting to cluster","description_kind":"plain","optional":true},"username":{"type":"string","description":"Cassandra username","description_kind":"plain","optional":true,"sensitive":true}},"description_kind":"plain"}},"resource_schemas":{"cassandra_grant":{"version":0,"block":{"attributes":{"function_name":{"type":"string","description":"keyspace qualifier to the resource, only applicable for resource all functions in keyspace, function, keyspace, table","description_kind":"plain","optional":true},"grantee":{"type":"string","description":"role name who we are granting privilege(s) to","description_kind":"plain","required":true},"id":{"type":"string","description_kind":"plain","optional":true,"computed":true},"keyspace_name":{"type":"string","description":"keyspace qualifier to the resource, only applicable for resource all functions in keyspace, function, keyspace, table","description_kind":"plain","optional":true},"mbean_name":{"type":"string","description":"name of mbean, only applicable for resource mbean","description_kind":"plain","optional":true},"mbean_pattern":{"type":"string","description":"pattern for selecting mbeans, only valid for resource mbeans","description_kind":"plain","optional":true},"privilege":{"type":"string","description":"One of select, create, alter, drop, modify, authorize, describe, execute","description_kind":"plain","required":true},"resource_type":{"type":"string","description":"Resource type we are granting privilege to. Must be one of all functions, all functions in keyspace, function, all keyspaces, keyspace, table, all roles, role, roles, mbean, mbeans, all mbeans","description_kind":"plain","required":true},"role_name":{"type":"string","description":"name of the role, applicable only for resource role","description_kind":"plain","optional":true},"table_name":{"type":"string","description":"name of the table, applicable only for resource table","description_kind":"plain","optional":true}},"description_kind":"plain"}},"cassandra_keyspace":{"version":0,"block":{"attributes":{"durable_writes":{"type":"bool","description":"Enable or disable durable writes - disabling is not recommended","description_kind":"plain","optional":true},"id":{"type":"string","description_kind":"plain","optional":true,"computed":true},"name":{"type":"string","description":"Name of keyspace","description_kind":"plain","required":true},"replication_strategy":{"type":"string","description":"Keyspace replication strategy - must be one of SimpleStrategy or NetworkTopologyStrategy","description_kind":"plain","required":true},"strategy_options":{"type":["map","string"],"description":"strategy options used with replication strategy","description_kind":"plain","required":true}},"description_kind":"plain"}},"cassandra_role":{"version":0,"block":{"attributes":{"id":{"type":"string","description_kind":"plain","optional":true,"computed":true},"login":{"type":"bool","description":"Enables role to be able to login","description_kind":"plain","optional":true},"name":{"type":"string","description":"Name of role - must contain between 1 and 256 characters","description_kind":"plain","required":true},"password":{"type":"string","description":"Password for user when using Cassandra internal authentication","description_kind":"plain","required":true,"sensitive":true},"super_user":{"type":"bool","description":"Allow role to create and manage other roles","description_kind":"plain","optional":true}},"description_kind":"plain"}}}}}}
