{"format_version":"0.2","provider_schemas":{"registry.terraform.io/googlecloudplatform/cdap":{"provider":{"version":0,"block":{"attributes":{"host":{"type":"string","description":"The address of the CDAP instance.","description_kind":"plain","required":true},"token":{"type":"string","description":"The OAuth token to use for all http calls to the instance.","description_kind":"plain","optional":true}},"description_kind":"plain"}},"resource_schemas":{"cdap_application":{"version":0,"block":{"attributes":{"id":{"type":"string","description_kind":"plain","optional":true,"computed":true},"name":{"type":"string","description":"The name of the application. This will be used as the unique identifier in the CDAP API.","description_kind":"plain","required":true},"namespace":{"type":"string","description":"The name of the namespace in which this resource belongs. If not provided, the default namespace is used.","description_kind":"plain","optional":true},"spec":{"type":"string","description":"The full contents of the exported pipeline JSON spec.","description_kind":"plain","required":true}},"description_kind":"plain"}},"cdap_gcs_artifact":{"version":0,"block":{"attributes":{"id":{"type":"string","description_kind":"plain","optional":true,"computed":true},"jar_binary_path":{"type":"string","description":"The GCS path to the JAR binary for the artifact.","description_kind":"plain","required":true},"json_config_path":{"type":"string","description":"The GCS path to the JSON config of the artifact.","description_kind":"plain","required":true},"name":{"type":"string","description":"The name of the artifact.","description_kind":"plain","required":true},"namespace":{"type":"string","description":"The name of the namespace in which this resource belongs. If not provided, the default namespace is used.","description_kind":"plain","optional":true},"version":{"type":"string","description":"The version of the artifact. Must match the version in the JAR manifest.","description_kind":"plain","required":true}},"description_kind":"plain"}},"cdap_local_artifact":{"version":0,"block":{"attributes":{"id":{"type":"string","description_kind":"plain","optional":true,"computed":true},"jar_binary_path":{"type":"string","description":"The local path to the JAR binary for the artifact.","description_kind":"plain","required":true},"json_config_path":{"type":"string","description":"The local path to the JSON config of the artifact.","description_kind":"plain","required":true},"name":{"type":"string","description":"The name of the artifact.","description_kind":"plain","required":true},"namespace":{"type":"string","description":"The name of the namespace in which this resource belongs. If not provided, the default namespace is used.","description_kind":"plain","optional":true},"version":{"type":"string","description":"The version of the artifact. Must match the version in the JAR manifest.","description_kind":"plain","required":true}},"description_kind":"plain"}},"cdap_namespace":{"version":0,"block":{"attributes":{"id":{"type":"string","description_kind":"plain","optional":true,"computed":true},"name":{"type":"string","description":"The name of the namespace.","description_kind":"plain","required":true}},"description_kind":"plain"}},"cdap_namespace_preferences":{"version":0,"block":{"attributes":{"id":{"type":"string","description_kind":"plain","optional":true,"computed":true},"namespace":{"type":"string","description":"The name of the namespace in which this resource belongs. If not provided, the default namespace is used.","description_kind":"plain","optional":true},"preferences":{"type":["map","string"],"description":"The preferences to set on the namespace.","description_kind":"plain","required":true}},"description_kind":"plain"}},"cdap_profile":{"version":0,"block":{"attributes":{"description":{"type":"string","description":"A description of the profile.","description_kind":"plain","optional":true},"id":{"type":"string","description_kind":"plain","optional":true,"computed":true},"label":{"type":"string","description":"A user friendly label for the profile.","description_kind":"plain","required":true},"name":{"type":"string","description":"The name of the profile.","description_kind":"plain","required":true},"namespace":{"type":"string","description":"The name of the namespace in which this resource belongs. If not provided, the default namespace is used.","description_kind":"plain","optional":true}},"block_types":{"profile_provisioner":{"nesting_mode":"list","block":{"attributes":{"name":{"type":"string","description":"The name of the provisioner.","description_kind":"plain","required":true}},"block_types":{"properties":{"nesting_mode":"list","block":{"attributes":{"is_editable":{"type":"bool","description":"Whether the value can be updated.","description_kind":"plain","required":true},"name":{"type":"string","description":"The name of the property.","description_kind":"plain","required":true},"value":{"type":"string","description":"The value of the property.","description_kind":"plain","required":true}},"description_kind":"plain"},"min_items":1}},"description_kind":"plain"},"min_items":1,"max_items":1}},"description_kind":"plain"}},"cdap_streaming_program_run":{"version":0,"block":{"attributes":{"app":{"type":"string","description":"Name of the application.","description_kind":"plain","required":true},"id":{"type":"string","description_kind":"plain","optional":true,"computed":true},"namespace":{"type":"string","description":"The name of the namespace in which this resource belongs. If not provided, the default namespace is used.","description_kind":"plain","optional":true},"program":{"type":"string","description":"Name of the program.","description_kind":"plain","optional":true},"run_id":{"type":"string","description":"The run the CDAP Run ID","description_kind":"plain","computed":true},"runtime_arguments":{"type":["map","string"],"description":"The runtime arguments used to start the program","description_kind":"plain","required":true},"type":{"type":"string","description":"One of flows, mapreduce, services, spark, workers, or workflows.","description_kind":"plain","optional":true}},"block_types":{"timeouts":{"nesting_mode":"single","block":{"attributes":{"create":{"type":"string","description_kind":"plain","optional":true},"delete":{"type":"string","description_kind":"plain","optional":true}},"description_kind":"plain"}}},"description_kind":"plain"}}}}}}
