{"format_version":"0.2","provider_schemas":{"registry.terraform.io/gopher-data/mycloud":{"provider":{"version":0,"block":{"attributes":{"host":{"type":"string","description_kind":"plain","optional":true},"password":{"type":"string","description_kind":"plain","optional":true,"sensitive":true},"username":{"type":"string","description_kind":"plain","optional":true}},"description_kind":"plain"}},"resource_schemas":{"hashicups_order":{"version":0,"block":{"attributes":{"id":{"type":"string","description_kind":"plain","optional":true,"computed":true},"last_updated":{"type":"string","description_kind":"plain","optional":true,"computed":true}},"block_types":{"items":{"nesting_mode":"list","block":{"attributes":{"quantity":{"type":"number","description_kind":"plain","required":true}},"block_types":{"coffee":{"nesting_mode":"list","block":{"attributes":{"description":{"type":"string","description_kind":"plain","computed":true},"id":{"type":"number","description_kind":"plain","required":true},"image":{"type":"string","description_kind":"plain","computed":true},"name":{"type":"string","description_kind":"plain","computed":true},"price":{"type":"number","description_kind":"plain","computed":true},"teaser":{"type":"string","description_kind":"plain","computed":true}},"description_kind":"plain"},"min_items":1,"max_items":1}},"description_kind":"plain"},"min_items":1}},"description_kind":"plain"}}},"data_source_schemas":{"hashicups_coffees":{"version":0,"block":{"attributes":{"coffees":{"type":["list",["object",{"description":"string","id":"number","image":"string","ingredients":["list",["object",{"ingredient_id":"number"}]],"name":"string","price":"number","teaser":"string"}]],"description_kind":"plain","computed":true},"id":{"type":"string","description_kind":"plain","optional":true,"computed":true}},"description_kind":"plain"}},"hashicups_ingredients":{"version":0,"block":{"attributes":{"coffee_id":{"type":"number","description_kind":"plain","required":true},"id":{"type":"string","description_kind":"plain","optional":true,"computed":true},"ingredients":{"type":["list",["object",{"id":"number","name":"string","quantity":"number","unit":"string"}]],"description_kind":"plain","computed":true}},"description_kind":"plain"}},"hashicups_order":{"version":0,"block":{"attributes":{"id":{"type":"number","description_kind":"plain","required":true},"items":{"type":["list",["object",{"coffee_description":"string","coffee_id":"number","coffee_image":"string","coffee_name":"string","coffee_price":"number","coffee_teaser":"string","quantity":"number"}]],"description_kind":"plain","computed":true}},"description_kind":"plain"}}}}}}
