{"format_version":"0.2","provider_schemas":{"registry.terraform.io/gorillastack/gorillastack":{"provider":{"version":0,"block":{"attributes":{"api_key":{"type":"string","description":"Key for accessing the GorillaStack API.","description_kind":"plain","required":true},"team_id":{"type":"string","description":"TeamId to select tenant context for the GorillaStack API.","description_kind":"plain","required":true}},"description_kind":"plain"}},"resource_schemas":{"gorillastack_rule":{"version":0,"block":{"attributes":{"_id":{"type":"string","description_kind":"plain","computed":true},"created_at":{"type":"number","description_kind":"plain","computed":true},"created_by":{"type":"string","description_kind":"plain","computed":true},"enabled":{"type":"bool","description_kind":"plain","optional":true},"id":{"type":"string","description_kind":"plain","optional":true,"computed":true},"labels":{"type":["list","string"],"description_kind":"plain","optional":true},"name":{"type":"string","description_kind":"plain","required":true},"slug":{"type":"string","description_kind":"plain","computed":true},"team_id":{"type":"string","description_kind":"plain","computed":true},"updated_at":{"type":"number","description_kind":"plain","computed":true},"user_group":{"type":"string","description_kind":"plain","optional":true}},"block_types":{"actions":{"nesting_mode":"list","block":{"block_types":{"check_tag_compliance":{"nesting_mode":"list","block":{"attributes":{"action":{"type":"string","description_kind":"plain","computed":true},"action_id":{"type":"string","description_kind":"plain","computed":true},"index":{"type":"number","description_kind":"plain","required":true},"notifications_trigger":{"type":"string","description_kind":"plain","required":true},"report_type":{"type":"string","description_kind":"plain","required":true},"resource_types":{"type":["list","string"],"description_kind":"plain","optional":true},"tag_group_combiner":{"type":"string","description_kind":"plain","optional":true},"tag_groups":{"type":["list","string"],"description_kind":"plain","optional":true},"tag_targeted":{"type":"bool","description_kind":"plain","required":true}},"block_types":{"notifications":{"nesting_mode":"list","block":{"block_types":{"email":{"nesting_mode":"list","block":{"attributes":{"email_addresses":{"type":["list","string"],"description_kind":"plain","optional":true},"send_to_team":{"type":"bool","description_kind":"plain","required":true},"send_to_user_group":{"type":"bool","description_kind":"plain","optional":true}},"description_kind":"plain"},"max_items":1},"slack_app":{"nesting_mode":"list","block":{"attributes":{"channels":{"type":["list","string"],"description_kind":"plain","optional":true},"installation_id":{"type":"string","description_kind":"plain","required":true},"users":{"type":["list","string"],"description_kind":"plain","optional":true}},"description_kind":"plain"},"max_items":1},"slack_webhook":{"nesting_mode":"list","block":{"attributes":{"room_id":{"type":"string","description_kind":"plain","required":true}},"description_kind":"plain"},"max_items":1}},"description_kind":"plain"},"min_items":1,"max_items":1}},"description_kind":"plain"}},"copy_db_snapshots":{"nesting_mode":"list","block":{"attributes":{"action":{"type":"string","description_kind":"plain","computed":true},"action_id":{"type":"string","description_kind":"plain","computed":true},"destination_region":{"type":"string","description_kind":"plain","required":true},"index":{"type":"number","description_kind":"plain","required":true},"key_mapping":{"type":["map","string"],"description_kind":"plain","optional":true},"mode":{"type":"string","description_kind":"plain","required":true},"operator":{"type":"string","description_kind":"plain","required":true},"tag_group_combiner":{"type":"string","description_kind":"plain","optional":true},"tag_groups":{"type":["list","string"],"description_kind":"plain","optional":true},"tag_targeted":{"type":"bool","description_kind":"plain","required":true},"use_default_kms_key":{"type":"bool","description_kind":"plain","required":true},"value":{"type":"number","description_kind":"plain","required":true}},"description_kind":"plain"}},"copy_snapshots":{"nesting_mode":"list","block":{"attributes":{"action":{"type":"string","description_kind":"plain","computed":true},"action_id":{"type":"string","description_kind":"plain","computed":true},"destination_region":{"type":"string","description_kind":"plain","required":true},"index":{"type":"number","description_kind":"plain","required":true},"key_mapping":{"type":["map","string"],"description_kind":"plain","optional":true},"mode":{"type":"string","description_kind":"plain","required":true},"operator":{"type":"string","description_kind":"plain","required":true},"tag_group_combiner":{"type":"string","description_kind":"plain","optional":true},"tag_groups":{"type":["list","string"],"description_kind":"plain","optional":true},"tag_targeted":{"type":"bool","description_kind":"plain","required":true},"use_default_kms_key":{"type":"bool","description_kind":"plain","required":true},"value":{"type":"number","description_kind":"plain","required":true}},"description_kind":"plain"}},"create_db_snapshots":{"nesting_mode":"list","block":{"attributes":{"action":{"type":"string","description_kind":"plain","computed":true},"action_id":{"type":"string","description_kind":"plain","computed":true},"additional_tags":{"type":["list",["object",{"key":"string","value":"string"}]],"description_kind":"plain","optional":true},"copy_db_instance_tags":{"type":"bool","description_kind":"plain","required":true},"index":{"type":"number","description_kind":"plain","required":true},"multi_az_only":{"type":"bool","description_kind":"plain","required":true},"tag_group_combiner":{"type":"string","description_kind":"plain","optional":true},"tag_groups":{"type":["list","string"],"description_kind":"plain","optional":true},"tag_targeted":{"type":"bool","description_kind":"plain","required":true}},"description_kind":"plain"}},"create_images":{"nesting_mode":"list","block":{"attributes":{"action":{"type":"string","description_kind":"plain","computed":true},"action_id":{"type":"string","description_kind":"plain","computed":true},"additional_tags":{"type":["list",["object",{"key":"string","value":"string"}]],"description_kind":"plain","optional":true},"copy_instance_tags":{"type":"bool","description_kind":"plain","required":true},"copy_volume_tags":{"type":"bool","description_kind":"plain","required":true},"index":{"type":"number","description_kind":"plain","required":true},"no_reboot":{"type":"bool","description_kind":"plain","optional":true},"tag_group_combiner":{"type":"string","description_kind":"plain","optional":true},"tag_groups":{"type":["list","string"],"description_kind":"plain","required":true}},"description_kind":"plain"}},"create_snapshots":{"nesting_mode":"list","block":{"attributes":{"action":{"type":"string","description_kind":"plain","computed":true},"action_id":{"type":"string","description_kind":"plain","computed":true},"additional_tags":{"type":["list",["object",{"key":"string","value":"string"}]],"description_kind":"plain","optional":true},"copy_instance_tags":{"type":"bool","description_kind":"plain","required":true},"copy_volume_tags":{"type":"bool","description_kind":"plain","required":true},"index":{"type":"number","description_kind":"plain","required":true},"tag_group_combiner":{"type":"string","description_kind":"plain","optional":true},"tag_groups":{"type":["list","string"],"description_kind":"plain","required":true},"tag_targeted":{"type":"bool","description_kind":"plain","required":true}},"description_kind":"plain"}},"create_vss_snapshots":{"nesting_mode":"list","block":{"attributes":{"action":{"type":"string","description_kind":"plain","computed":true},"action_id":{"type":"string","description_kind":"plain","computed":true},"additional_tags":{"type":["list",["object",{"key":"string","value":"string"}]],"description_kind":"plain","optional":true},"copy_instance_tags":{"type":"bool","description_kind":"plain","required":true},"copy_volume_tags":{"type":"bool","description_kind":"plain","required":true},"exclude_boot_volume":{"type":"bool","description_kind":"plain","required":true},"index":{"type":"number","description_kind":"plain","required":true},"tag_group_combiner":{"type":"string","description_kind":"plain","optional":true},"tag_groups":{"type":["list","string"],"description_kind":"plain","required":true},"use_additional_tags":{"type":"bool","description_kind":"plain","required":true}},"description_kind":"plain"}},"deallocate_vms":{"nesting_mode":"list","block":{"attributes":{"action":{"type":"string","description_kind":"plain","computed":true},"action_id":{"type":"string","description_kind":"plain","computed":true},"index":{"type":"number","description_kind":"plain","required":true},"tag_group_combiner":{"type":"string","description_kind":"plain","optional":true},"tag_groups":{"type":["list","string"],"description_kind":"plain","required":true}},"description_kind":"plain"}},"delay":{"nesting_mode":"list","block":{"attributes":{"action":{"type":"string","description_kind":"plain","computed":true},"index":{"type":"number","description_kind":"plain","required":true},"wait_duration":{"type":"number","description_kind":"plain","required":true}},"description_kind":"plain"}},"delete_detached_volumes":{"nesting_mode":"list","block":{"attributes":{"action":{"type":"string","description_kind":"plain","computed":true},"action_id":{"type":"string","description_kind":"plain","computed":true},"days_detached":{"type":"number","description_kind":"plain","required":true},"dry_run":{"type":"bool","description_kind":"plain","optional":true},"index":{"type":"number","description_kind":"plain","required":true},"tag_group_combiner":{"type":"string","description_kind":"plain","optional":true},"tag_groups":{"type":["list","string"],"description_kind":"plain","optional":true},"tag_targeted":{"type":"bool","description_kind":"plain","required":true}},"description_kind":"plain"}},"delete_images":{"nesting_mode":"list","block":{"attributes":{"action":{"type":"string","description_kind":"plain","computed":true},"action_id":{"type":"string","description_kind":"plain","computed":true},"index":{"type":"number","description_kind":"plain","required":true},"keep_latest":{"type":"bool","description_kind":"plain","required":true},"operator":{"type":"string","description_kind":"plain","required":true},"tag_group_combiner":{"type":"string","description_kind":"plain","optional":true},"tag_groups":{"type":["list","string"],"description_kind":"plain","optional":true},"tag_targeted":{"type":"bool","description_kind":"plain","required":true},"value":{"type":"number","description_kind":"plain","required":true}},"description_kind":"plain"}},"delete_orphaned_snapshots":{"nesting_mode":"list","block":{"attributes":{"action":{"type":"string","description_kind":"plain","computed":true},"action_id":{"type":"string","description_kind":"plain","computed":true},"dry_run":{"type":"bool","description_kind":"plain","optional":true},"index":{"type":"number","description_kind":"plain","required":true},"tag_group_combiner":{"type":"string","description_kind":"plain","optional":true},"tag_groups":{"type":["list","string"],"description_kind":"plain","optional":true},"tag_targeted":{"type":"bool","description_kind":"plain","required":true}},"description_kind":"plain"}},"delete_snapshots":{"nesting_mode":"list","block":{"attributes":{"action":{"type":"string","description_kind":"plain","computed":true},"action_id":{"type":"string","description_kind":"plain","computed":true},"dry_run":{"type":"bool","description_kind":"plain","optional":true},"index":{"type":"number","description_kind":"plain","required":true},"keep_by_volume":{"type":"bool","description_kind":"plain","optional":true},"keep_latest":{"type":"bool","description_kind":"plain","required":true},"operator":{"type":"string","description_kind":"plain","required":true},"tag_group_combiner":{"type":"string","description_kind":"plain","optional":true},"tag_groups":{"type":["list","string"],"description_kind":"plain","optional":true},"tag_targeted":{"type":"bool","description_kind":"plain","required":true},"value":{"type":"number","description_kind":"plain","required":true}},"description_kind":"plain"}},"ec2_command_run_powershell_script":{"nesting_mode":"list","block":{"attributes":{"action":{"type":"string","description_kind":"plain","computed":true},"action_id":{"type":"string","description_kind":"plain","computed":true},"commands":{"type":["list","string"],"description_kind":"plain","required":true},"execution_timeout":{"type":"number","description_kind":"plain","optional":true},"index":{"type":"number","description_kind":"plain","required":true},"tag_group_combiner":{"type":"string","description_kind":"plain","optional":true},"tag_groups":{"type":["list","string"],"description_kind":"plain","optional":true},"working_directory":{"type":"string","description_kind":"plain","optional":true}},"description_kind":"plain"}},"ec2_command_run_shell_script":{"nesting_mode":"list","block":{"attributes":{"action":{"type":"string","description_kind":"plain","computed":true},"action_id":{"type":"string","description_kind":"plain","computed":true},"commands":{"type":["list","string"],"description_kind":"plain","required":true},"execution_timeout":{"type":"number","description_kind":"plain","optional":true},"index":{"type":"number","description_kind":"plain","required":true},"tag_group_combiner":{"type":"string","description_kind":"plain","optional":true},"tag_groups":{"type":["list","string"],"description_kind":"plain","optional":true},"working_directory":{"type":"string","description_kind":"plain","optional":true}},"description_kind":"plain"}},"invoke_named_lambda_function":{"nesting_mode":"list","block":{"attributes":{"action":{"type":"string","description_kind":"plain","computed":true},"action_id":{"type":"string","description_kind":"plain","computed":true},"function_name":{"type":"string","description_kind":"plain","required":true},"index":{"type":"number","description_kind":"plain","required":true},"invocation_type":{"type":"string","description_kind":"plain","optional":true},"payload":{"type":"string","description_kind":"plain","optional":true},"replace_conflicting_vars":{"type":"bool","description_kind":"plain","optional":true}},"block_types":{"environment_variables":{"nesting_mode":"list","block":{"attributes":{"name":{"type":"string","description_kind":"plain","required":true},"secret":{"type":"bool","description_kind":"plain","required":true},"value":{"type":"string","description_kind":"plain","required":true}},"description_kind":"plain"}}},"description_kind":"plain"}},"invoke_tagged_lambda_functions":{"nesting_mode":"list","block":{"attributes":{"action":{"type":"string","description_kind":"plain","computed":true},"action_id":{"type":"string","description_kind":"plain","computed":true},"index":{"type":"number","description_kind":"plain","required":true},"invocation_type":{"type":"string","description_kind":"plain","optional":true},"payload":{"type":"string","description_kind":"plain","optional":true},"replace_conflicting_vars":{"type":"bool","description_kind":"plain","optional":true},"tag_group_combiner":{"type":"string","description_kind":"plain","optional":true},"tag_groups":{"type":["list","string"],"description_kind":"plain","optional":true}},"block_types":{"environment_variables":{"nesting_mode":"list","block":{"attributes":{"name":{"type":"string","description_kind":"plain","required":true},"secret":{"type":"bool","description_kind":"plain","required":true},"value":{"type":"string","description_kind":"plain","required":true}},"description_kind":"plain"}}},"description_kind":"plain"}},"manual_approval":{"nesting_mode":"list","block":{"attributes":{"action":{"type":"string","description_kind":"plain","computed":true},"approve_on_expiry":{"type":"bool","description_kind":"plain","required":true},"index":{"type":"number","description_kind":"plain","required":true},"wait_duration":{"type":"number","description_kind":"plain","required":true}},"block_types":{"notifications":{"nesting_mode":"list","block":{"block_types":{"email":{"nesting_mode":"list","block":{"attributes":{"email_addresses":{"type":["list","string"],"description_kind":"plain","optional":true},"send_to_team":{"type":"bool","description_kind":"plain","required":true},"send_to_user_group":{"type":"bool","description_kind":"plain","optional":true}},"description_kind":"plain"},"max_items":1},"slack_app":{"nesting_mode":"list","block":{"attributes":{"channels":{"type":["list","string"],"description_kind":"plain","optional":true},"installation_id":{"type":"string","description_kind":"plain","required":true},"users":{"type":["list","string"],"description_kind":"plain","optional":true}},"description_kind":"plain"},"max_items":1},"slack_webhook":{"nesting_mode":"list","block":{"attributes":{"room_id":{"type":"string","description_kind":"plain","required":true}},"description_kind":"plain"},"max_items":1}},"description_kind":"plain"},"max_items":1}},"description_kind":"plain"}},"notify_cost":{"nesting_mode":"list","block":{"attributes":{"action":{"type":"string","description_kind":"plain","computed":true},"action_id":{"type":"string","description_kind":"plain","computed":true},"index":{"type":"number","description_kind":"plain","required":true},"service":{"type":"string","description_kind":"plain","required":true}},"block_types":{"notifications":{"nesting_mode":"list","block":{"block_types":{"email":{"nesting_mode":"list","block":{"attributes":{"email_addresses":{"type":["list","string"],"description_kind":"plain","optional":true},"send_to_team":{"type":"bool","description_kind":"plain","required":true},"send_to_user_group":{"type":"bool","description_kind":"plain","optional":true}},"description_kind":"plain"},"max_items":1},"slack_app":{"nesting_mode":"list","block":{"attributes":{"channels":{"type":["list","string"],"description_kind":"plain","optional":true},"installation_id":{"type":"string","description_kind":"plain","required":true},"users":{"type":["list","string"],"description_kind":"plain","optional":true}},"description_kind":"plain"},"max_items":1},"slack_webhook":{"nesting_mode":"list","block":{"attributes":{"room_id":{"type":"string","description_kind":"plain","required":true}},"description_kind":"plain"},"max_items":1}},"description_kind":"plain"},"min_items":1,"max_items":1}},"description_kind":"plain"}},"notify_event":{"nesting_mode":"list","block":{"attributes":{"action":{"type":"string","description_kind":"plain","computed":true},"action_id":{"type":"string","description_kind":"plain","computed":true},"index":{"type":"number","description_kind":"plain","required":true},"notification_field_mapping":{"type":["list",["object",{"expression":"string","label":"string","mapping_id":"string"}]],"description_kind":"plain","optional":true}},"block_types":{"notifications":{"nesting_mode":"list","block":{"block_types":{"email":{"nesting_mode":"list","block":{"attributes":{"email_addresses":{"type":["list","string"],"description_kind":"plain","optional":true},"send_to_team":{"type":"bool","description_kind":"plain","required":true},"send_to_user_group":{"type":"bool","description_kind":"plain","optional":true}},"description_kind":"plain"},"max_items":1},"slack_app":{"nesting_mode":"list","block":{"attributes":{"channels":{"type":["list","string"],"description_kind":"plain","optional":true},"installation_id":{"type":"string","description_kind":"plain","required":true},"users":{"type":["list","string"],"description_kind":"plain","optional":true}},"description_kind":"plain"},"max_items":1},"slack_webhook":{"nesting_mode":"list","block":{"attributes":{"room_id":{"type":"string","description_kind":"plain","required":true}},"description_kind":"plain"},"max_items":1}},"description_kind":"plain"},"min_items":1,"max_items":1}},"description_kind":"plain"}},"notify_instance_count":{"nesting_mode":"list","block":{"attributes":{"action":{"type":"string","description_kind":"plain","computed":true},"action_id":{"type":"string","description_kind":"plain","computed":true},"index":{"type":"number","description_kind":"plain","required":true}},"block_types":{"notifications":{"nesting_mode":"list","block":{"block_types":{"email":{"nesting_mode":"list","block":{"attributes":{"email_addresses":{"type":["list","string"],"description_kind":"plain","optional":true},"send_to_team":{"type":"bool","description_kind":"plain","required":true},"send_to_user_group":{"type":"bool","description_kind":"plain","optional":true}},"description_kind":"plain"},"max_items":1},"slack_app":{"nesting_mode":"list","block":{"attributes":{"channels":{"type":["list","string"],"description_kind":"plain","optional":true},"installation_id":{"type":"string","description_kind":"plain","required":true},"users":{"type":["list","string"],"description_kind":"plain","optional":true}},"description_kind":"plain"},"max_items":1},"slack_webhook":{"nesting_mode":"list","block":{"attributes":{"room_id":{"type":"string","description_kind":"plain","required":true}},"description_kind":"plain"},"max_items":1}},"description_kind":"plain"},"min_items":1,"max_items":1}},"description_kind":"plain"}},"reboot_instances":{"nesting_mode":"list","block":{"attributes":{"action":{"type":"string","description_kind":"plain","computed":true},"action_id":{"type":"string","description_kind":"plain","computed":true},"index":{"type":"number","description_kind":"plain","required":true},"tag_group_combiner":{"type":"string","description_kind":"plain","optional":true},"tag_groups":{"type":["list","string"],"description_kind":"plain","required":true}},"description_kind":"plain"}},"release_disassociated_ips":{"nesting_mode":"list","block":{"attributes":{"action":{"type":"string","description_kind":"plain","computed":true},"action_id":{"type":"string","description_kind":"plain","computed":true},"days_disassociated":{"type":"number","description_kind":"plain","required":true},"index":{"type":"number","description_kind":"plain","required":true},"tag_group_combiner":{"type":"string","description_kind":"plain","optional":true},"tag_groups":{"type":["list","string"],"description_kind":"plain","optional":true},"tag_targeted":{"type":"bool","description_kind":"plain","required":true}},"description_kind":"plain"}},"restore_sql_databases":{"nesting_mode":"list","block":{"attributes":{"action":{"type":"string","description_kind":"plain","computed":true},"action_id":{"type":"string","description_kind":"plain","computed":true},"database_name":{"type":"string","description_kind":"plain","required":true},"database_server":{"type":"string","description_kind":"plain","required":true},"index":{"type":"number","description_kind":"plain","required":true},"resource_group":{"type":"string","description_kind":"plain","required":true}},"description_kind":"plain"}},"resume_autoscaling_processes":{"nesting_mode":"list","block":{"attributes":{"action":{"type":"string","description_kind":"plain","computed":true},"action_id":{"type":"string","description_kind":"plain","computed":true},"index":{"type":"number","description_kind":"plain","required":true},"processes":{"type":["list","string"],"description_kind":"plain","required":true},"tag_group_combiner":{"type":"string","description_kind":"plain","optional":true},"tag_groups":{"type":["list","string"],"description_kind":"plain","required":true}},"description_kind":"plain"}},"start_container_groups":{"nesting_mode":"list","block":{"attributes":{"action":{"type":"string","description_kind":"plain","computed":true},"action_id":{"type":"string","description_kind":"plain","computed":true},"index":{"type":"number","description_kind":"plain","required":true},"tag_group_combiner":{"type":"string","description_kind":"plain","optional":true},"tag_groups":{"type":["list","string"],"description_kind":"plain","required":true}},"description_kind":"plain"}},"start_instances":{"nesting_mode":"list","block":{"attributes":{"action":{"type":"string","description_kind":"plain","computed":true},"action_id":{"type":"string","description_kind":"plain","computed":true},"index":{"type":"number","description_kind":"plain","required":true},"tag_group_combiner":{"type":"string","description_kind":"plain","optional":true},"tag_groups":{"type":["list","string"],"description_kind":"plain","required":true},"wait_instance_state":{"type":"bool","description_kind":"plain","optional":true},"wait_instance_status":{"type":"bool","description_kind":"plain","optional":true},"wait_system_status":{"type":"bool","description_kind":"plain","optional":true}},"description_kind":"plain"}},"start_rds_instances":{"nesting_mode":"list","block":{"attributes":{"action":{"type":"string","description_kind":"plain","computed":true},"action_id":{"type":"string","description_kind":"plain","computed":true},"index":{"type":"number","description_kind":"plain","required":true},"tag_group_combiner":{"type":"string","description_kind":"plain","optional":true},"tag_groups":{"type":["list","string"],"description_kind":"plain","required":true},"target_clusters":{"type":"bool","description_kind":"plain","optional":true},"wait_instance_state":{"type":"bool","description_kind":"plain","optional":true},"wait_instance_status":{"type":"bool","description_kind":"plain","optional":true},"wait_system_status":{"type":"bool","description_kind":"plain","optional":true}},"description_kind":"plain"}},"start_sql_databases":{"nesting_mode":"list","block":{"attributes":{"action":{"type":"string","description_kind":"plain","computed":true},"action_id":{"type":"string","description_kind":"plain","computed":true},"index":{"type":"number","description_kind":"plain","required":true},"tag_group_combiner":{"type":"string","description_kind":"plain","optional":true},"tag_groups":{"type":["list","string"],"description_kind":"plain","required":true}},"description_kind":"plain"}},"start_vms":{"nesting_mode":"list","block":{"attributes":{"action":{"type":"string","description_kind":"plain","computed":true},"action_id":{"type":"string","description_kind":"plain","computed":true},"index":{"type":"number","description_kind":"plain","required":true},"tag_group_combiner":{"type":"string","description_kind":"plain","optional":true},"tag_groups":{"type":["list","string"],"description_kind":"plain","required":true}},"description_kind":"plain"}},"start_workspaces":{"nesting_mode":"list","block":{"attributes":{"action":{"type":"string","description_kind":"plain","computed":true},"action_id":{"type":"string","description_kind":"plain","computed":true},"index":{"type":"number","description_kind":"plain","required":true},"tag_group_combiner":{"type":"string","description_kind":"plain","optional":true},"tag_groups":{"type":["list","string"],"description_kind":"plain","required":true}},"description_kind":"plain"}},"start_wvd_session_hosts":{"nesting_mode":"list","block":{"attributes":{"action":{"type":"string","description_kind":"plain","computed":true},"action_id":{"type":"string","description_kind":"plain","computed":true},"index":{"type":"number","description_kind":"plain","required":true},"tag_group_combiner":{"type":"string","description_kind":"plain","optional":true},"tag_groups":{"type":["list","string"],"description_kind":"plain","required":true}},"description_kind":"plain"}},"stop_container_groups":{"nesting_mode":"list","block":{"attributes":{"action":{"type":"string","description_kind":"plain","computed":true},"action_id":{"type":"string","description_kind":"plain","computed":true},"index":{"type":"number","description_kind":"plain","required":true},"tag_group_combiner":{"type":"string","description_kind":"plain","optional":true},"tag_groups":{"type":["list","string"],"description_kind":"plain","required":true}},"description_kind":"plain"}},"stop_instances":{"nesting_mode":"list","block":{"attributes":{"action":{"type":"string","description_kind":"plain","computed":true},"action_id":{"type":"string","description_kind":"plain","computed":true},"index":{"type":"number","description_kind":"plain","required":true},"tag_group_combiner":{"type":"string","description_kind":"plain","optional":true},"tag_groups":{"type":["list","string"],"description_kind":"plain","required":true},"wait_instance_state":{"type":"bool","description_kind":"plain","optional":true},"wait_instance_status":{"type":"bool","description_kind":"plain","optional":true},"wait_system_status":{"type":"bool","description_kind":"plain","optional":true}},"description_kind":"plain"}},"stop_rds_instances":{"nesting_mode":"list","block":{"attributes":{"action":{"type":"string","description_kind":"plain","computed":true},"action_id":{"type":"string","description_kind":"plain","computed":true},"index":{"type":"number","description_kind":"plain","required":true},"tag_group_combiner":{"type":"string","description_kind":"plain","optional":true},"tag_groups":{"type":["list","string"],"description_kind":"plain","required":true},"target_clusters":{"type":"bool","description_kind":"plain","optional":true},"wait_instance_state":{"type":"bool","description_kind":"plain","optional":true},"wait_instance_status":{"type":"bool","description_kind":"plain","optional":true},"wait_system_status":{"type":"bool","description_kind":"plain","optional":true}},"description_kind":"plain"}},"stop_sql_databases":{"nesting_mode":"list","block":{"attributes":{"action":{"type":"string","description_kind":"plain","computed":true},"action_id":{"type":"string","description_kind":"plain","computed":true},"index":{"type":"number","description_kind":"plain","required":true},"tag_group_combiner":{"type":"string","description_kind":"plain","optional":true},"tag_groups":{"type":["list","string"],"description_kind":"plain","required":true}},"description_kind":"plain"}},"stop_workspaces":{"nesting_mode":"list","block":{"attributes":{"action":{"type":"string","description_kind":"plain","computed":true},"action_id":{"type":"string","description_kind":"plain","computed":true},"index":{"type":"number","description_kind":"plain","required":true},"tag_group_combiner":{"type":"string","description_kind":"plain","optional":true},"tag_groups":{"type":["list","string"],"description_kind":"plain","required":true}},"description_kind":"plain"}},"stop_wvd_session_hosts":{"nesting_mode":"list","block":{"attributes":{"action":{"type":"string","description_kind":"plain","computed":true},"action_id":{"type":"string","description_kind":"plain","computed":true},"index":{"type":"number","description_kind":"plain","required":true},"tag_group_combiner":{"type":"string","description_kind":"plain","optional":true},"tag_groups":{"type":["list","string"],"description_kind":"plain","required":true}},"description_kind":"plain"}},"suspend_autoscaling_processes":{"nesting_mode":"list","block":{"attributes":{"action":{"type":"string","description_kind":"plain","computed":true},"action_id":{"type":"string","description_kind":"plain","computed":true},"index":{"type":"number","description_kind":"plain","required":true},"processes":{"type":["list","string"],"description_kind":"plain","required":true},"tag_group_combiner":{"type":"string","description_kind":"plain","optional":true},"tag_groups":{"type":["list","string"],"description_kind":"plain","required":true}},"description_kind":"plain"}},"update_aks_node_pool_scale":{"nesting_mode":"list","block":{"attributes":{"action":{"type":"string","description_kind":"plain","computed":true},"action_id":{"type":"string","description_kind":"plain","computed":true},"index":{"type":"number","description_kind":"plain","required":true},"max_count":{"type":"number","description_kind":"plain","optional":true},"min_count":{"type":"number","description_kind":"plain","optional":true},"restore_to_previous_scale":{"type":"bool","description_kind":"plain","optional":true},"tag_group_combiner":{"type":"string","description_kind":"plain","optional":true},"tag_groups":{"type":["list","string"],"description_kind":"plain","required":true}},"description_kind":"plain"}},"update_application_autoscaling_settings":{"nesting_mode":"list","block":{"attributes":{"action":{"type":"string","description_kind":"plain","computed":true},"action_id":{"type":"string","description_kind":"plain","computed":true},"ignore_if_no_cached_autoscaling_settings":{"type":"bool","description_kind":"plain","optional":true},"index":{"type":"number","description_kind":"plain","required":true},"max_capacity":{"type":"number","description_kind":"plain","optional":true},"min_capacity":{"type":"number","description_kind":"plain","optional":true},"restore_existing_autoscaling_settings":{"type":"bool","description_kind":"plain","optional":true},"scalable_dimension":{"type":"string","description_kind":"plain","optional":true},"service_namespace":{"type":"string","description_kind":"plain","optional":true},"store_existing_autoscaling_settings":{"type":"bool","description_kind":"plain","optional":true},"tag_group_combiner":{"type":"string","description_kind":"plain","optional":true},"tag_groups":{"type":["list","string"],"description_kind":"plain","required":true}},"description_kind":"plain"}},"update_autoscale_settings":{"nesting_mode":"list","block":{"attributes":{"action":{"type":"string","description_kind":"plain","computed":true},"action_id":{"type":"string","description_kind":"plain","computed":true},"desired":{"type":"number","description_kind":"plain","optional":true},"index":{"type":"number","description_kind":"plain","required":true},"max":{"type":"number","description_kind":"plain","optional":true},"min":{"type":"number","description_kind":"plain","optional":true},"tag_group_combiner":{"type":"string","description_kind":"plain","optional":true},"tag_groups":{"type":["list","string"],"description_kind":"plain","required":true}},"description_kind":"plain"}},"update_autoscaling_groups":{"nesting_mode":"list","block":{"attributes":{"action":{"type":"string","description_kind":"plain","computed":true},"action_id":{"type":"string","description_kind":"plain","computed":true},"desired":{"type":"number","description_kind":"plain","optional":true},"ignore_if_no_cached_asg_settings":{"type":"bool","description_kind":"plain","optional":true},"index":{"type":"number","description_kind":"plain","required":true},"max":{"type":"number","description_kind":"plain","optional":true},"min":{"type":"number","description_kind":"plain","optional":true},"restore_to_previous_asg_settings":{"type":"bool","description_kind":"plain","optional":true},"store_existing_asg_settings":{"type":"bool","description_kind":"plain","optional":true},"tag_group_combiner":{"type":"string","description_kind":"plain","optional":true},"tag_groups":{"type":["list","string"],"description_kind":"plain","required":true}},"description_kind":"plain"}},"update_cosmos_container_throughput":{"nesting_mode":"list","block":{"attributes":{"action":{"type":"string","description_kind":"plain","computed":true},"action_id":{"type":"string","description_kind":"plain","computed":true},"index":{"type":"number","description_kind":"plain","required":true},"restore_to_previous_throughput":{"type":"bool","description_kind":"plain","optional":true},"tag_group_combiner":{"type":"string","description_kind":"plain","optional":true},"tag_groups":{"type":["list","string"],"description_kind":"plain","required":true},"throughput":{"type":"number","description_kind":"plain","optional":true}},"description_kind":"plain"}},"update_cosmos_table_throughput":{"nesting_mode":"list","block":{"attributes":{"action":{"type":"string","description_kind":"plain","computed":true},"action_id":{"type":"string","description_kind":"plain","computed":true},"index":{"type":"number","description_kind":"plain","required":true},"restore_to_previous_throughput":{"type":"bool","description_kind":"plain","optional":true},"tag_group_combiner":{"type":"string","description_kind":"plain","optional":true},"tag_groups":{"type":["list","string"],"description_kind":"plain","required":true},"throughput":{"type":"number","description_kind":"plain","optional":true}},"description_kind":"plain"}},"update_dynamodb_table_throughput":{"nesting_mode":"list","block":{"attributes":{"action":{"type":"string","description_kind":"plain","computed":true},"action_id":{"type":"string","description_kind":"plain","computed":true},"index":{"type":"number","description_kind":"plain","required":true},"read_units":{"type":"number","description_kind":"plain","optional":true},"tag_group_combiner":{"type":"string","description_kind":"plain","optional":true},"tag_groups":{"type":["list","string"],"description_kind":"plain","required":true},"write_units":{"type":"number","description_kind":"plain","optional":true}},"description_kind":"plain"}},"update_ecs_service_scale":{"nesting_mode":"list","block":{"attributes":{"action":{"type":"string","description_kind":"plain","computed":true},"action_id":{"type":"string","description_kind":"plain","computed":true},"desired_count":{"type":"number","description_kind":"plain","required":true},"ignore_if_no_cached_desired_count":{"type":"bool","description_kind":"plain","required":true},"index":{"type":"number","description_kind":"plain","required":true},"restore_to_previous_desired_count":{"type":"bool","description_kind":"plain","required":true},"store_existing_desired_count":{"type":"bool","description_kind":"plain","required":true},"tag_group_combiner":{"type":"string","description_kind":"plain","optional":true},"tag_groups":{"type":["list","string"],"description_kind":"plain","required":true}},"description_kind":"plain"}},"update_provisioned_iops":{"nesting_mode":"list","block":{"attributes":{"action":{"type":"string","description_kind":"plain","computed":true},"action_id":{"type":"string","description_kind":"plain","computed":true},"index":{"type":"number","description_kind":"plain","required":true},"iops":{"type":"number","description_kind":"plain","required":true},"tag_group_combiner":{"type":"string","description_kind":"plain","optional":true},"tag_groups":{"type":["list","string"],"description_kind":"plain","required":true}},"description_kind":"plain"}},"update_scale_sets":{"nesting_mode":"list","block":{"attributes":{"action":{"type":"string","description_kind":"plain","computed":true},"action_id":{"type":"string","description_kind":"plain","computed":true},"capacity":{"type":"number","description_kind":"plain","required":true},"index":{"type":"number","description_kind":"plain","required":true},"tag_group_combiner":{"type":"string","description_kind":"plain","optional":true},"tag_groups":{"type":["list","string"],"description_kind":"plain","required":true}},"description_kind":"plain"}},"update_security_groups":{"nesting_mode":"list","block":{"attributes":{"action":{"type":"string","description_kind":"plain","computed":true},"action_id":{"type":"string","description_kind":"plain","computed":true},"index":{"type":"number","description_kind":"plain","required":true},"tag_group_combiner":{"type":"string","description_kind":"plain","optional":true},"tag_groups":{"type":["list","string"],"description_kind":"plain","optional":true},"tag_targeted":{"type":"bool","description_kind":"plain","required":true}},"block_types":{"rule_changes":{"nesting_mode":"list","block":{"block_types":{"change":{"nesting_mode":"list","block":{"attributes":{"operation":{"type":"string","description_kind":"plain","required":true}},"description_kind":"plain"},"min_items":1,"max_items":1},"match":{"nesting_mode":"list","block":{"attributes":{"direction":{"type":"string","description_kind":"plain","required":true},"type":{"type":"string","description_kind":"plain","required":true}},"description_kind":"plain"},"min_items":1,"max_items":1}},"description_kind":"plain"},"min_items":1,"max_items":100}},"description_kind":"plain"}}},"description_kind":"plain"},"min_items":1,"max_items":100},"context":{"nesting_mode":"list","block":{"block_types":{"aws":{"nesting_mode":"list","block":{"attributes":{"account_group_ids":{"type":["list","string"],"description_kind":"plain","optional":true},"account_ids":{"type":["list","string"],"description_kind":"plain","optional":true},"platform":{"type":"string","description_kind":"plain","computed":true},"regions":{"type":["list","string"],"description_kind":"plain","optional":true}},"description_kind":"plain"},"max_items":1},"azure":{"nesting_mode":"list","block":{"attributes":{"platform":{"type":"string","description_kind":"plain","computed":true},"subscription_ids":{"type":["list","string"],"description_kind":"plain","optional":true}},"description_kind":"plain"},"max_items":1}},"description_kind":"plain"},"min_items":1,"max_items":1},"trigger":{"nesting_mode":"list","block":{"block_types":{"cloudtrail_event":{"nesting_mode":"list","block":{"attributes":{"trigger":{"type":"string","description_kind":"plain","computed":true}},"block_types":{"match_expression":{"nesting_mode":"list","block":{"attributes":{"expression":{"type":"string","description_kind":"plain","required":true},"expression_language":{"type":"string","description_kind":"plain","computed":true}},"description_kind":"plain"},"max_items":1},"match_fields":{"nesting_mode":"list","block":{"attributes":{"event_name":{"type":["list","string"],"description_kind":"plain","required":true}},"description_kind":"plain"},"min_items":1,"max_items":1}},"description_kind":"plain"},"max_items":1},"cost_threshold":{"nesting_mode":"list","block":{"attributes":{"exceeded":{"type":"bool","description_kind":"plain","computed":true},"service":{"type":"string","description_kind":"plain","required":true},"threshold":{"type":"number","description_kind":"plain","required":true},"trigger":{"type":"string","description_kind":"plain","computed":true}},"description_kind":"plain"},"max_items":1},"detached_volumes_detected":{"nesting_mode":"list","block":{"attributes":{"days_detached":{"type":"number","description_kind":"plain","required":true},"trigger":{"type":"string","description_kind":"plain","computed":true}},"description_kind":"plain"},"max_items":1},"incoming_webhook":{"nesting_mode":"list","block":{"attributes":{"trigger":{"type":"string","description_kind":"plain","computed":true},"webhook_id":{"type":"string","description_kind":"plain","required":true}},"description_kind":"plain"},"max_items":1},"manual":{"nesting_mode":"list","block":{"attributes":{"trigger":{"type":"string","description_kind":"plain","optional":true}},"description_kind":"plain"}},"number_of_instances_threshold":{"nesting_mode":"list","block":{"attributes":{"exceeded":{"type":"bool","description_kind":"plain","computed":true},"threshold":{"type":"number","description_kind":"plain","required":true},"trigger":{"type":"string","description_kind":"plain","computed":true}},"description_kind":"plain"},"max_items":1},"schedule":{"nesting_mode":"list","block":{"attributes":{"cron":{"type":"string","description_kind":"plain","required":true},"default_snooze_duration":{"type":"number","description_kind":"plain","optional":true},"notification_offset":{"type":"number","description_kind":"plain","required":true},"timezone":{"type":"string","description_kind":"plain","required":true},"trigger":{"type":"string","description_kind":"plain","computed":true}},"block_types":{"notifications":{"nesting_mode":"list","block":{"block_types":{"email":{"nesting_mode":"list","block":{"attributes":{"email_addresses":{"type":["list","string"],"description_kind":"plain","optional":true},"send_to_team":{"type":"bool","description_kind":"plain","required":true},"send_to_user_group":{"type":"bool","description_kind":"plain","optional":true}},"description_kind":"plain"},"max_items":1},"slack_app":{"nesting_mode":"list","block":{"attributes":{"channels":{"type":["list","string"],"description_kind":"plain","optional":true},"installation_id":{"type":"string","description_kind":"plain","required":true},"users":{"type":["list","string"],"description_kind":"plain","optional":true}},"description_kind":"plain"},"max_items":1},"slack_webhook":{"nesting_mode":"list","block":{"attributes":{"room_id":{"type":"string","description_kind":"plain","required":true}},"description_kind":"plain"},"max_items":1}},"description_kind":"plain"},"max_items":1}},"description_kind":"plain"},"max_items":1},"sns_push":{"nesting_mode":"list","block":{"attributes":{"sns_subscription_id":{"type":"string","description_kind":"plain","required":true},"trigger":{"type":"string","description_kind":"plain","computed":true}},"description_kind":"plain"},"max_items":1}},"description_kind":"plain"},"min_items":1,"max_items":1}},"description_kind":"plain"}},"gorillastack_tag_group":{"version":0,"block":{"attributes":{"_id":{"type":"string","description_kind":"plain","computed":true},"created_at":{"type":"number","description_kind":"plain","computed":true},"created_by":{"type":"string","description_kind":"plain","computed":true},"id":{"type":"string","description_kind":"plain","optional":true,"computed":true},"name":{"type":"string","description_kind":"plain","required":true},"slug":{"type":"string","description_kind":"plain","computed":true},"tag_expression":{"type":"string","description_kind":"plain","required":true},"team_id":{"type":"string","description_kind":"plain","computed":true},"updated_at":{"type":"number","description_kind":"plain","computed":true}},"description_kind":"plain"}}}}}}
