{"format_version":"0.2","provider_schemas":{"registry.terraform.io/greatliontech/openpgp":{"provider":{"version":0,"block":{"description_kind":"plain"}},"resource_schemas":{"openpgp_key":{"version":0,"block":{"attributes":{"comment":{"type":"string","description":"Comment for this key","description_kind":"markdown","optional":true},"email":{"type":"string","description":"Email for this key","description_kind":"markdown","required":true},"id":{"type":"string","description":"Fingerprint","description_kind":"markdown","computed":true},"name":{"type":"string","description":"Name for this key","description_kind":"markdown","optional":true},"private_key_armor":{"type":"string","description":"Private key in armor format","description_kind":"markdown","computed":true},"public_key_armor":{"type":"string","description":"Public key in armor format","description_kind":"markdown","computed":true}},"description_kind":"plain"}}}}}}
