{"format_version":"0.2","provider_schemas":{"registry.terraform.io/greennosedmule/puppetca":{"provider":{"version":0,"block":{"attributes":{"ca":{"type":"string","description":"The Puppet CA certificate","description_kind":"plain","optional":true},"cert":{"type":"string","description":"A Puppet certificate to authenticate on the CA","description_kind":"plain","optional":true},"ignore_ssl":{"type":"bool","description_kind":"plain","optional":true},"key":{"type":"string","description":"A Puppet private key to authenticate on the CA","description_kind":"plain","optional":true},"url":{"type":"string","description":"The URL of the Puppet CA","description_kind":"plain","optional":true}},"description_kind":"plain"}},"resource_schemas":{"puppetca_certificate":{"version":0,"block":{"attributes":{"autosign":{"type":"bool","description_kind":"plain","required":true},"fingerprint":{"type":"string","description_kind":"plain","computed":true},"id":{"type":"string","description_kind":"plain","optional":true,"computed":true},"name":{"type":"string","description_kind":"plain","required":true},"state":{"type":"string","description_kind":"plain","computed":true}},"description_kind":"plain"}}}}}}
