{"format_version":"0.2","provider_schemas":{"registry.terraform.io/greut/consulacl":{"provider":{"version":0,"block":{"attributes":{"address":{"type":"string","description_kind":"plain","optional":true},"ca_file":{"type":"string","description_kind":"plain","optional":true},"cert_file":{"type":"string","description_kind":"plain","optional":true},"key_file":{"type":"string","description_kind":"plain","optional":true},"scheme":{"type":"string","description_kind":"plain","optional":true},"tls_skip_verify":{"type":"bool","description_kind":"plain","optional":true},"token":{"type":"string","description_kind":"plain","optional":true}},"description_kind":"plain"}},"resource_schemas":{"consulacl_policy_binding":{"version":0,"block":{"attributes":{"accessor":{"type":"string","description":"Token's accessor ID","description_kind":"plain","required":true},"id":{"type":"string","description_kind":"plain","optional":true,"computed":true},"policy":{"type":"string","description":"Policy name","description_kind":"plain","required":true}},"description_kind":"plain"}},"consulacl_token":{"version":0,"block":{"attributes":{"id":{"type":"string","description_kind":"plain","optional":true,"computed":true},"name":{"type":"string","description_kind":"plain","required":true},"token":{"type":"string","description_kind":"plain","optional":true,"computed":true,"sensitive":true},"type":{"type":"string","description_kind":"plain","required":true}},"block_types":{"rule":{"nesting_mode":"set","block":{"attributes":{"policy":{"type":"string","description_kind":"plain","optional":true},"prefix":{"type":"string","description_kind":"plain","optional":true},"scope":{"type":"string","description_kind":"plain","optional":true}},"description_kind":"plain"}}},"description_kind":"plain"}},"consulacl_token14":{"version":0,"block":{"attributes":{"accessor":{"type":"string","description_kind":"plain","optional":true,"computed":true},"description":{"type":"string","description_kind":"plain","optional":true},"id":{"type":"string","description_kind":"plain","optional":true,"computed":true},"local":{"type":"bool","description_kind":"plain","optional":true},"policies":{"type":["set","string"],"description_kind":"plain","optional":true},"secret":{"type":"string","description_kind":"plain","optional":true,"computed":true,"sensitive":true}},"description_kind":"plain"}}},"data_source_schemas":{"consulacl_token":{"version":0,"block":{"attributes":{"accessor":{"type":"string","description_kind":"plain","required":true},"id":{"type":"string","description_kind":"plain","optional":true,"computed":true},"secret":{"type":"string","description_kind":"plain","computed":true,"sensitive":true}},"description_kind":"plain"}}}}}}
