{"format_version":"0.2","provider_schemas":{"registry.terraform.io/gthesheep/tableau":{"provider":{"version":0,"block":{"attributes":{"password":{"type":"string","description":"Login Password","description_kind":"plain","optional":true},"personal_access_token_name":{"type":"string","description":"Personal access token name","description_kind":"plain","optional":true},"personal_access_token_secret":{"type":"string","description":"Personal access token secret","description_kind":"plain","optional":true},"server_url":{"type":"string","description":"URL of your Tableau server","description_kind":"plain","required":true},"server_version":{"type":"string","description":"Version of the server identified in URL","description_kind":"plain","required":true},"site":{"type":"string","description":"Site name from your Tableau URL","description_kind":"plain","required":true},"username":{"type":"string","description":"Login Username","description_kind":"plain","optional":true}},"description_kind":"plain"}},"resource_schemas":{"tableau_group":{"version":0,"block":{"attributes":{"grant_license_mode":{"type":"string","description":"When to grant license for the group to users","description_kind":"plain","optional":true},"id":{"type":"string","description_kind":"plain","optional":true,"computed":true},"minimum_site_role":{"type":"string","description":"Minimum site role for the group","description_kind":"plain","required":true},"name":{"type":"string","description":"Group name","description_kind":"plain","required":true}},"description_kind":"plain"}},"tableau_group_user":{"version":0,"block":{"attributes":{"group_id":{"type":"number","description":"Group ID","description_kind":"plain","required":true},"id":{"type":"string","description_kind":"plain","optional":true,"computed":true},"user_id":{"type":"number","description":"User ID","description_kind":"plain","required":true}},"description_kind":"plain"}},"tableau_user":{"version":0,"block":{"attributes":{"auth_setting":{"type":"string","description":"Project ID to create the job in","description_kind":"plain","required":true},"email":{"type":"string","description":"User email","description_kind":"plain","required":true},"full_name":{"type":"string","description":"Full name for user","description_kind":"plain","required":true},"id":{"type":"string","description_kind":"plain","optional":true,"computed":true},"name":{"type":"string","description":"Display name for user","description_kind":"plain","required":true},"site_role":{"type":"string","description":"Site ","description_kind":"plain","required":true}},"description_kind":"plain"}}},"data_source_schemas":{"tableau_group":{"version":0,"block":{"attributes":{"group_id":{"type":"number","description":"ID of the group","description_kind":"plain","required":true},"id":{"type":"string","description_kind":"plain","optional":true,"computed":true},"name":{"type":"string","description":"Name for the group","description_kind":"plain","computed":true}},"description_kind":"plain"}}}}}}
