{"format_version":"0.2","provider_schemas":{"registry.terraform.io/guillaumejchauveau/chirpstack":{"provider":{"version":0,"block":{"attributes":{"email":{"type":"string","description_kind":"plain","optional":true},"key":{"type":"string","description_kind":"plain","optional":true,"sensitive":true},"password":{"type":"string","description_kind":"plain","optional":true,"sensitive":true},"server":{"type":"string","description_kind":"plain","optional":true}},"description_kind":"plain"}},"resource_schemas":{"chirpstack_api-key":{"version":0,"block":{"attributes":{"application_id":{"type":"number","description_kind":"plain","optional":true,"computed":true},"id":{"type":"string","description_kind":"plain","computed":true},"is_admin":{"type":"bool","description_kind":"plain","optional":true,"computed":true},"key":{"type":"string","description_kind":"plain","computed":true,"sensitive":true},"name":{"type":"string","description_kind":"plain","required":true},"organization_id":{"type":"number","description_kind":"plain","optional":true,"computed":true}},"description_kind":"plain"}},"chirpstack_application":{"version":0,"block":{"attributes":{"description":{"type":"string","description_kind":"plain","required":true},"id":{"type":"number","description_kind":"plain","computed":true},"name":{"type":"string","description_kind":"plain","required":true},"organization_id":{"type":"number","description_kind":"plain","required":true},"payload_codec":{"type":"string","description_kind":"plain","optional":true,"computed":true},"payload_decoder_script":{"type":"string","description_kind":"plain","optional":true,"computed":true},"payload_encoder_script":{"type":"string","description_kind":"plain","optional":true,"computed":true},"service_profile_id":{"type":"string","description_kind":"plain","required":true}},"description_kind":"plain"}},"chirpstack_application-http":{"version":0,"block":{"attributes":{"application_id":{"type":"number","description_kind":"plain","required":true},"event_endpoint_url":{"type":"string","description_kind":"plain","required":true},"headers":{"type":["map","string"],"description_kind":"plain","optional":true,"computed":true},"marshaler":{"type":"string","description_kind":"plain","required":true}},"description_kind":"plain"}},"chirpstack_device":{"version":0,"block":{"attributes":{"application_id":{"type":"number","description_kind":"plain","required":true},"description":{"type":"string","description_kind":"plain","required":true},"dev_eui":{"type":"string","description_kind":"plain","required":true},"device_profile_id":{"type":"string","description_kind":"plain","required":true},"is_disabled":{"type":"bool","description_kind":"plain","optional":true,"computed":true},"name":{"type":"string","description_kind":"plain","required":true},"reference_altitude":{"type":"number","description_kind":"plain","optional":true,"computed":true},"skip_f_cnt_check":{"type":"bool","description_kind":"plain","optional":true,"computed":true},"tags":{"type":["map","string"],"description_kind":"plain","optional":true,"computed":true},"variables":{"type":["map","string"],"description_kind":"plain","optional":true,"computed":true}},"description_kind":"plain"}},"chirpstack_device-keys":{"version":0,"block":{"attributes":{"app_key":{"type":"string","description_kind":"plain","optional":true,"computed":true,"sensitive":true},"dev_eui":{"type":"string","description_kind":"plain","required":true},"gen_app_key":{"type":"string","description_kind":"plain","optional":true,"computed":true,"sensitive":true},"nwk_key":{"type":"string","description_kind":"plain","optional":true,"computed":true,"sensitive":true}},"description_kind":"plain"}},"chirpstack_device-profile":{"version":0,"block":{"attributes":{"adr_algorithm_id":{"type":"string","description_kind":"plain","optional":true,"computed":true},"class_b_timeout":{"type":"number","description_kind":"plain","optional":true,"computed":true},"class_c_timeout":{"type":"number","description_kind":"plain","optional":true,"computed":true},"factory_preset_freqs":{"type":["set","number"],"description_kind":"plain","optional":true,"computed":true},"geoloc_buffer_ttl":{"type":"number","description_kind":"plain","optional":true,"computed":true},"geoloc_min_buffer_size":{"type":"number","description_kind":"plain","optional":true,"computed":true},"id":{"type":"string","description_kind":"plain","computed":true},"mac_version":{"type":"string","description_kind":"plain","optional":true,"computed":true},"max_duty_cycle":{"type":"number","description_kind":"plain","optional":true,"computed":true},"max_eirp":{"type":"number","description_kind":"plain","optional":true,"computed":true},"name":{"type":"string","description_kind":"plain","required":true},"network_server_id":{"type":"number","description_kind":"plain","required":true},"organization_id":{"type":"number","description_kind":"plain","required":true},"payload_codec":{"type":"string","description_kind":"plain","optional":true,"computed":true},"payload_decoder_script":{"type":"string","description_kind":"plain","optional":true,"computed":true},"payload_encoder_script":{"type":"string","description_kind":"plain","optional":true,"computed":true},"ping_slot_dr":{"type":"number","description_kind":"plain","optional":true,"computed":true},"ping_slot_freq":{"type":"number","description_kind":"plain","optional":true,"computed":true},"ping_slot_period":{"type":"number","description_kind":"plain","optional":true,"computed":true},"reg_params_revision":{"type":"string","description_kind":"plain","optional":true,"computed":true},"rf_region":{"type":"string","description_kind":"plain","optional":true,"computed":true},"rx_datarate_2":{"type":"number","description_kind":"plain","optional":true,"computed":true},"rx_delay_1":{"type":"number","description_kind":"plain","optional":true,"computed":true},"rx_dr_offset_1":{"type":"number","description_kind":"plain","optional":true,"computed":true},"rx_freq_2":{"type":"number","description_kind":"plain","optional":true,"computed":true},"supports_32bit_f_cnt":{"type":"bool","description_kind":"plain","optional":true,"computed":true},"supports_class_b":{"type":"bool","description_kind":"plain","optional":true,"computed":true},"supports_class_c":{"type":"bool","description_kind":"plain","optional":true,"computed":true},"supports_join":{"type":"bool","description_kind":"plain","optional":true,"computed":true},"tags":{"type":["map","string"],"description_kind":"plain","optional":true,"computed":true},"uplink_interval":{"type":"string","description_kind":"plain","optional":true,"computed":true}},"description_kind":"plain"}},"chirpstack_gateway":{"version":0,"block":{"attributes":{"description":{"type":"string","description_kind":"plain","required":true},"discovery_enabled":{"type":"bool","description_kind":"plain","optional":true,"computed":true},"gateway_profile_id":{"type":"string","description_kind":"plain","optional":true,"computed":true},"id":{"type":"string","description_kind":"plain","required":true},"location":{"type":["object",{"altitude":"number","latitude":"number","longitude":"number"}],"description_kind":"plain","required":true},"metadata":{"type":["map","string"],"description_kind":"plain","optional":true,"computed":true},"name":{"type":"string","description_kind":"plain","required":true},"network_server_id":{"type":"number","description_kind":"plain","required":true},"organization_id":{"type":"number","description_kind":"plain","required":true},"service_profile_id":{"type":"string","description_kind":"plain","optional":true,"computed":true},"tags":{"type":["map","string"],"description_kind":"plain","optional":true,"computed":true}},"description_kind":"plain"}},"chirpstack_network-server":{"version":0,"block":{"attributes":{"ca_cert":{"type":"string","description_kind":"plain","optional":true,"computed":true,"sensitive":true},"gateway_discovery_dr":{"type":"number","description_kind":"plain","optional":true,"computed":true},"gateway_discovery_enabled":{"type":"bool","description_kind":"plain","optional":true,"computed":true},"gateway_discovery_interval":{"type":"number","description_kind":"plain","optional":true,"computed":true},"gateway_discovery_tx_frequency":{"type":"number","description_kind":"plain","optional":true,"computed":true},"id":{"type":"number","description_kind":"plain","computed":true},"name":{"type":"string","description_kind":"plain","required":true},"routing_profil_ca_cert":{"type":"string","description_kind":"plain","optional":true,"computed":true,"sensitive":true},"routing_profil_tls_cert":{"type":"string","description_kind":"plain","optional":true,"computed":true,"sensitive":true},"routing_profil_tls_key":{"type":"string","description_kind":"plain","optional":true,"computed":true,"sensitive":true},"server":{"type":"string","description_kind":"plain","required":true},"tls_cert":{"type":"string","description_kind":"plain","optional":true,"computed":true,"sensitive":true}},"description_kind":"plain"}},"chirpstack_organization":{"version":0,"block":{"attributes":{"can_have_gateways":{"type":"bool","description_kind":"plain","optional":true,"computed":true},"display_name":{"type":"string","description_kind":"plain","required":true},"id":{"type":"number","description_kind":"plain","computed":true},"max_device_count":{"type":"number","description_kind":"plain","optional":true,"computed":true},"max_gateway_count":{"type":"number","description_kind":"plain","optional":true,"computed":true},"name":{"type":"string","description_kind":"plain","required":true}},"description_kind":"plain"}},"chirpstack_organization-user":{"version":0,"block":{"attributes":{"email":{"type":"string","description_kind":"plain","required":true},"is_admin":{"type":"bool","description_kind":"plain","optional":true,"computed":true},"is_device_admin":{"type":"bool","description_kind":"plain","optional":true,"computed":true},"is_gateway_admin":{"type":"bool","description_kind":"plain","optional":true,"computed":true},"organization_id":{"type":"number","description_kind":"plain","required":true},"user_id":{"type":"number","description_kind":"plain","required":true}},"description_kind":"plain"}},"chirpstack_service-profile":{"version":0,"block":{"attributes":{"add_gw_metadata":{"type":"bool","description_kind":"plain","optional":true,"computed":true},"channel_mask":{"type":"number","description_kind":"plain","optional":true,"computed":true},"dev_status_req_freq":{"type":"number","description_kind":"plain","optional":true,"computed":true},"dl_bucket_size":{"type":"number","description_kind":"plain","optional":true,"computed":true},"dl_rate":{"type":"number","description_kind":"plain","optional":true,"computed":true},"dl_rate_policy":{"type":"number","description_kind":"plain","optional":true,"computed":true},"dr_max":{"type":"number","description_kind":"plain","optional":true,"computed":true},"dr_min":{"type":"number","description_kind":"plain","optional":true,"computed":true},"gws_private":{"type":"bool","description_kind":"plain","optional":true,"computed":true},"hr_allowed":{"type":"bool","description_kind":"plain","optional":true,"computed":true},"id":{"type":"string","description_kind":"plain","computed":true},"min_gw_diversity":{"type":"number","description_kind":"plain","optional":true,"computed":true},"name":{"type":"string","description_kind":"plain","required":true},"network_server_id":{"type":"number","description_kind":"plain","required":true},"nwk_geo_loc":{"type":"bool","description_kind":"plain","optional":true,"computed":true},"organization_id":{"type":"number","description_kind":"plain","required":true},"pr_allowed":{"type":"bool","description_kind":"plain","optional":true,"computed":true},"ra_allowed":{"type":"bool","description_kind":"plain","optional":true,"computed":true},"report_dev_status_battery":{"type":"bool","description_kind":"plain","optional":true,"computed":true},"report_dev_status_margin":{"type":"bool","description_kind":"plain","optional":true,"computed":true},"target_per":{"type":"number","description_kind":"plain","optional":true,"computed":true},"ul_bucket_size":{"type":"number","description_kind":"plain","optional":true,"computed":true},"ul_rate":{"type":"number","description_kind":"plain","optional":true,"computed":true},"ul_rate_policy":{"type":"number","description_kind":"plain","optional":true,"computed":true}},"description_kind":"plain"}},"chirpstack_user":{"version":0,"block":{"attributes":{"email":{"type":"string","description_kind":"plain","required":true},"id":{"type":"number","description_kind":"plain","computed":true},"is_active":{"type":"bool","description_kind":"plain","optional":true,"computed":true},"is_admin":{"type":"bool","description_kind":"plain","optional":true,"computed":true},"note":{"type":"string","description_kind":"plain","optional":true,"computed":true},"password":{"type":"string","description_kind":"plain","required":true,"sensitive":true},"session_ttl":{"type":"number","description_kind":"plain","optional":true,"computed":true}},"description_kind":"plain"}}}}}}
