{"format_version":"0.2","provider_schemas":{"registry.terraform.io/habakke/ansible":{"provider":{"version":0,"block":{"attributes":{"log_enable":{"type":"bool","description":"Should logging be enabled or not","description_kind":"plain","optional":true},"log_file":{"type":"string","description":"Name of file where log will be stored","description_kind":"plain","optional":true},"log_levels":{"type":["map","string"],"description":"Which log levels should be enabled ERROR, WARN, INFO, DEBUG, TRACE","description_kind":"plain","optional":true},"path":{"type":"string","description":"Path to where the ansible inventory files are stored","description_kind":"plain","required":true}},"description_kind":"plain"}},"resource_schemas":{"ansible_group":{"version":0,"block":{"attributes":{"id":{"type":"string","description_kind":"plain","optional":true,"computed":true},"inventory":{"type":"string","description_kind":"plain","required":true},"name":{"type":"string","description_kind":"plain","required":true}},"block_types":{"timeouts":{"nesting_mode":"single","block":{"attributes":{"create":{"type":"string","description_kind":"plain","optional":true},"delete":{"type":"string","description_kind":"plain","optional":true},"update":{"type":"string","description_kind":"plain","optional":true}},"description_kind":"plain"}}},"description_kind":"plain"}},"ansible_host":{"version":0,"block":{"attributes":{"group":{"type":"string","description_kind":"plain","required":true},"id":{"type":"string","description_kind":"plain","optional":true,"computed":true},"inventory":{"type":"string","description_kind":"plain","required":true},"name":{"type":"string","description_kind":"plain","required":true}},"block_types":{"timeouts":{"nesting_mode":"single","block":{"attributes":{"create":{"type":"string","description_kind":"plain","optional":true},"delete":{"type":"string","description_kind":"plain","optional":true},"update":{"type":"string","description_kind":"plain","optional":true}},"description_kind":"plain"}}},"description_kind":"plain"}},"ansible_inventory":{"version":0,"block":{"attributes":{"group_vars":{"type":"string","description":"Ansible inventory group vars","description_kind":"plain","required":true},"id":{"type":"string","description_kind":"plain","optional":true,"computed":true}},"block_types":{"timeouts":{"nesting_mode":"single","block":{"attributes":{"create":{"type":"string","description_kind":"plain","optional":true},"delete":{"type":"string","description_kind":"plain","optional":true},"update":{"type":"string","description_kind":"plain","optional":true}},"description_kind":"plain"}}},"description_kind":"plain"}}}}}}
