{"format_version":"0.2","provider_schemas":{"registry.terraform.io/halter/rundeck":{"provider":{"version":0,"block":{"attributes":{"api_version":{"type":"string","description":"API Version of the target Rundeck server.","description_kind":"plain","optional":true},"auth_token":{"type":"string","description":"Auth token to use with the Rundeck API.","description_kind":"plain","required":true},"url":{"type":"string","description":"URL of the root of the target Rundeck server.","description_kind":"plain","required":true}},"description_kind":"plain"}},"resource_schemas":{"rundeck_acl_policy":{"version":0,"block":{"attributes":{"id":{"type":"string","description_kind":"plain","optional":true,"computed":true},"name":{"type":"string","description":"Unique name for the ACL policy","description_kind":"plain","required":true},"policy":{"type":"string","description":"YAML formatted ACL Policy string","description_kind":"plain","required":true}},"description_kind":"plain"}},"rundeck_job":{"version":0,"block":{"attributes":{"allow_concurrent_executions":{"type":"bool","description_kind":"plain","optional":true},"command_ordering_strategy":{"type":"string","description_kind":"plain","optional":true},"continue_next_node_on_error":{"type":"bool","description_kind":"plain","optional":true},"continue_on_error":{"type":"bool","description_kind":"plain","optional":true},"description":{"type":"string","description_kind":"plain","required":true},"execution_enabled":{"type":"bool","description_kind":"plain","optional":true},"group_name":{"type":"string","description_kind":"plain","optional":true},"id":{"type":"string","description_kind":"plain","optional":true,"computed":true},"log_level":{"type":"string","description_kind":"plain","optional":true},"max_thread_count":{"type":"number","description_kind":"plain","optional":true},"name":{"type":"string","description_kind":"plain","required":true},"node_filter_exclude_precedence":{"type":"bool","description_kind":"plain","optional":true},"node_filter_exclude_query":{"type":"string","description_kind":"plain","optional":true},"node_filter_query":{"type":"string","description_kind":"plain","optional":true},"preserve_options_order":{"type":"bool","description_kind":"plain","optional":true,"computed":true},"project_name":{"type":"string","description_kind":"plain","required":true},"rank_attribute":{"type":"string","description_kind":"plain","optional":true},"rank_order":{"type":"string","description_kind":"plain","optional":true},"retry":{"type":"string","description_kind":"plain","optional":true},"schedule":{"type":"string","description_kind":"plain","optional":true},"schedule_enabled":{"type":"bool","description_kind":"plain","optional":true},"success_on_empty_node_filter":{"type":"bool","description_kind":"plain","optional":true},"time_zone":{"type":"string","description_kind":"plain","optional":true},"timeout":{"type":"string","description_kind":"plain","optional":true}},"block_types":{"command":{"nesting_mode":"list","block":{"attributes":{"description":{"type":"string","description_kind":"plain","optional":true},"inline_script":{"type":"string","description_kind":"plain","optional":true},"keep_going_on_success":{"type":"bool","description_kind":"plain","optional":true},"script_file":{"type":"string","description_kind":"plain","optional":true},"script_file_args":{"type":"string","description_kind":"plain","optional":true},"shell_command":{"type":"string","description_kind":"plain","optional":true}},"block_types":{"error_handler":{"nesting_mode":"list","block":{"attributes":{"description":{"type":"string","description_kind":"plain","optional":true},"inline_script":{"type":"string","description_kind":"plain","optional":true},"keep_going_on_success":{"type":"bool","description_kind":"plain","optional":true},"script_file":{"type":"string","description_kind":"plain","optional":true},"script_file_args":{"type":"string","description_kind":"plain","optional":true},"shell_command":{"type":"string","description_kind":"plain","optional":true}},"block_types":{"job":{"nesting_mode":"list","block":{"attributes":{"args":{"type":"string","description_kind":"plain","optional":true},"group_name":{"type":"string","description_kind":"plain","optional":true},"name":{"type":"string","description_kind":"plain","required":true},"run_for_each_node":{"type":"bool","description_kind":"plain","optional":true}},"block_types":{"node_filters":{"nesting_mode":"list","block":{"attributes":{"exclude_filter":{"type":"string","description_kind":"plain","optional":true},"exclude_precedence":{"type":"bool","description_kind":"plain","optional":true},"filter":{"type":"string","description_kind":"plain","optional":true}},"description_kind":"plain"}}},"description_kind":"plain"}},"node_step_plugin":{"nesting_mode":"list","block":{"attributes":{"config":{"type":["map","string"],"description_kind":"plain","optional":true},"type":{"type":"string","description_kind":"plain","required":true}},"description_kind":"plain"}},"script_interpreter":{"nesting_mode":"list","block":{"attributes":{"args_quoted":{"type":"bool","description_kind":"plain","optional":true},"invocation_string":{"type":"string","description_kind":"plain","optional":true}},"description_kind":"plain"}},"step_plugin":{"nesting_mode":"list","block":{"attributes":{"config":{"type":["map","string"],"description_kind":"plain","optional":true},"type":{"type":"string","description_kind":"plain","required":true}},"description_kind":"plain"}}},"description_kind":"plain"}},"job":{"nesting_mode":"list","block":{"attributes":{"args":{"type":"string","description_kind":"plain","optional":true},"group_name":{"type":"string","description_kind":"plain","optional":true},"name":{"type":"string","description_kind":"plain","required":true},"run_for_each_node":{"type":"bool","description_kind":"plain","optional":true}},"block_types":{"node_filters":{"nesting_mode":"list","block":{"attributes":{"exclude_filter":{"type":"string","description_kind":"plain","optional":true},"exclude_precedence":{"type":"bool","description_kind":"plain","optional":true},"filter":{"type":"string","description_kind":"plain","optional":true}},"description_kind":"plain"}}},"description_kind":"plain"}},"node_step_plugin":{"nesting_mode":"list","block":{"attributes":{"config":{"type":["map","string"],"description_kind":"plain","optional":true},"type":{"type":"string","description_kind":"plain","required":true}},"description_kind":"plain"}},"script_interpreter":{"nesting_mode":"list","block":{"attributes":{"args_quoted":{"type":"bool","description_kind":"plain","optional":true},"invocation_string":{"type":"string","description_kind":"plain","optional":true}},"description_kind":"plain"}},"step_plugin":{"nesting_mode":"list","block":{"attributes":{"config":{"type":["map","string"],"description_kind":"plain","optional":true},"type":{"type":"string","description_kind":"plain","required":true}},"description_kind":"plain"}}},"description_kind":"plain"},"min_items":1},"global_log_filter":{"nesting_mode":"list","block":{"attributes":{"config":{"type":["map","string"],"description_kind":"plain","optional":true},"type":{"type":"string","description_kind":"plain","required":true}},"description_kind":"plain"}},"notification":{"nesting_mode":"list","block":{"attributes":{"type":{"type":"string","description":"Option of `on_success`, `on_failure`, `on_start`","description_kind":"plain","required":true},"webhook_urls":{"type":["list","string"],"description_kind":"plain","optional":true}},"block_types":{"email":{"nesting_mode":"list","block":{"attributes":{"attach_log":{"type":"bool","description_kind":"plain","optional":true},"recipients":{"type":["list","string"],"description_kind":"plain","required":true},"subject":{"type":"string","description_kind":"plain","optional":true}},"description_kind":"plain"}},"plugin":{"nesting_mode":"list","block":{"attributes":{"config":{"type":["map","string"],"description_kind":"plain","optional":true},"type":{"type":"string","description_kind":"plain","required":true}},"description_kind":"plain"}}},"description_kind":"plain"}},"option":{"nesting_mode":"list","block":{"attributes":{"allow_multiple_values":{"type":"bool","description_kind":"plain","optional":true},"default_value":{"type":"string","description_kind":"plain","optional":true},"description":{"type":"string","description_kind":"plain","optional":true},"exposed_to_scripts":{"type":"bool","description_kind":"plain","optional":true},"hidden":{"type":"bool","description_kind":"plain","optional":true},"label":{"type":"string","description_kind":"plain","optional":true},"multi_value_delimiter":{"type":"string","description_kind":"plain","optional":true},"name":{"type":"string","description_kind":"plain","required":true},"obscure_input":{"type":"bool","description_kind":"plain","optional":true},"require_predefined_choice":{"type":"bool","description_kind":"plain","optional":true},"required":{"type":"bool","description_kind":"plain","optional":true},"type":{"type":"string","description_kind":"plain","optional":true},"validation_regex":{"type":"string","description_kind":"plain","optional":true},"value_choices":{"type":["list","string"],"description_kind":"plain","optional":true},"value_choices_url":{"type":"string","description_kind":"plain","optional":true}},"description_kind":"plain"}}},"description_kind":"plain"}},"rundeck_private_key":{"version":0,"block":{"attributes":{"id":{"type":"string","description_kind":"plain","optional":true,"computed":true},"key_material":{"type":"string","description":"The private key material to store, in PEM format","description_kind":"plain","required":true},"path":{"type":"string","description":"Path to the key within the key store","description_kind":"plain","required":true}},"description_kind":"plain"}},"rundeck_project":{"version":0,"block":{"attributes":{"default_node_executor_plugin":{"type":"string","description_kind":"plain","optional":true},"default_node_file_copier_plugin":{"type":"string","description_kind":"plain","optional":true},"description":{"type":"string","description":"Description of the project to be shown in the Rundeck UI","description_kind":"plain","optional":true},"extra_config":{"type":["map","string"],"description":"Additional raw configuration parameters to include in the project configuration, with dots replaced with slashes in the key names due to limitations in Terraform's config language.","description_kind":"plain","optional":true},"id":{"type":"string","description_kind":"plain","optional":true,"computed":true},"name":{"type":"string","description":"Unique name for the project","description_kind":"plain","required":true},"ssh_authentication_type":{"type":"string","description_kind":"plain","optional":true},"ssh_key_file_path":{"type":"string","description_kind":"plain","optional":true},"ssh_key_storage_path":{"type":"string","description_kind":"plain","optional":true},"ui_url":{"type":"string","description_kind":"plain","computed":true}},"block_types":{"resource_model_source":{"nesting_mode":"list","block":{"attributes":{"config":{"type":["map","string"],"description":"Configuration parameters for the selected plugin","description_kind":"plain","required":true},"type":{"type":"string","description":"Name of the resource model plugin to use","description_kind":"plain","required":true}},"description_kind":"plain"},"min_items":1}},"description_kind":"plain"}},"rundeck_public_key":{"version":0,"block":{"attributes":{"delete":{"type":"bool","description":"True if the key should be deleted when the resource is deleted. Defaults to true if key_material is provided in the configuration.","description_kind":"plain","computed":true},"id":{"type":"string","description_kind":"plain","optional":true,"computed":true},"key_material":{"type":"string","description":"The public key data to store, in the usual OpenSSH public key file format","description_kind":"plain","optional":true,"computed":true},"path":{"type":"string","description":"Path to the key within the key store","description_kind":"plain","required":true},"url":{"type":"string","description":"URL at which the key content can be retrieved","description_kind":"plain","computed":true}},"description_kind":"plain"}}}}}}
