{"format_version":"0.2","provider_schemas":{"registry.terraform.io/hanneshayashi/gdrive":{"provider":{"version":0,"block":{"attributes":{"retry_on":{"type":["list","number"],"description":"A list of HTTP error codes you want the provider to retry on (e.g. 404).","description_kind":"plain","optional":true},"service_account":{"type":"string","description":"The email address of the Service Account you want to impersonate with Application Default Credentials (ADC).\nLeave empty if you want to use the Service Account of a GCE instance directly.","description_kind":"plain","optional":true},"service_account_key":{"type":"string","description":"The path to or the content of a key file for your Service Account.\nLeave empty if you want to use Application Default Credentials (ADC).","description_kind":"plain","optional":true},"subject":{"type":"string","description":"The email address of the Workspace user you want to impersonate with Domain Wide Delegation (DWD)","description_kind":"plain","optional":true}},"description_kind":"plain"}},"resource_schemas":{"gdrive_drive":{"version":0,"block":{"attributes":{"id":{"type":"string","description_kind":"plain","optional":true,"computed":true},"name":{"type":"string","description":"Name of the Shared Drive","description_kind":"plain","required":true},"use_domain_admin_access":{"type":"bool","description":"Use domain admin access","description_kind":"plain","optional":true}},"block_types":{"restrictions":{"nesting_mode":"list","block":{"attributes":{"admin_managed_restrictions":{"type":"bool","description":"Whether administrative privileges on this shared drive are required to modify restrictions","description_kind":"plain","optional":true},"copy_requires_writer_permission":{"type":"bool","description":"Whether the options to copy, print, or download files inside this shared drive, should be disabled for readers and commenters.\nWhen this restriction is set to true, it will override the similarly named field to true for any file inside this shared drive","description_kind":"plain","optional":true},"domain_users_only":{"type":"bool","description":"Whether access to this shared drive and items inside this shared drive is restricted to users of the domain to which this shared drive belongs.\nThis restriction may be overridden by other sharing policies controlled outside of this shared drive","description_kind":"plain","optional":true},"drive_members_only":{"type":"bool","description":"Whether access to items inside this shared drive is restricted to its members","description_kind":"plain","optional":true}},"description_kind":"plain"},"max_items":1}},"description_kind":"plain"}},"gdrive_file":{"version":0,"block":{"attributes":{"content":{"type":"string","description":"path to a file to upload","description_kind":"plain","optional":true},"drive_id":{"type":"string","description":"driveId of the Shared Drive","description_kind":"plain","optional":true},"id":{"type":"string","description_kind":"plain","optional":true,"computed":true},"mime_type":{"type":"string","description":"MIME type","description_kind":"plain","required":true},"name":{"type":"string","description":"name of the file / folder","description_kind":"plain","required":true},"parent":{"type":"string","description":"fileId of the parent","description_kind":"plain","required":true}},"description_kind":"plain"}},"gdrive_permission":{"version":0,"block":{"attributes":{"domain":{"type":"string","description":"The domain that should be granted access","description_kind":"plain","optional":true},"email_address":{"type":"string","description":"The email address of the trustee","description_kind":"plain","optional":true},"email_message":{"type":"string","description":"An optional email message that will be sent when the permission is created","description_kind":"plain","optional":true},"file_id":{"type":"string","description":"ID of the file or Shared Drive","description_kind":"plain","required":true},"id":{"type":"string","description_kind":"plain","optional":true,"computed":true},"role":{"type":"string","description":"The role","description_kind":"plain","required":true},"send_notification_email":{"type":"bool","description":"Wether to send a notfication email","description_kind":"plain","optional":true},"type":{"type":"string","description":"The type of the trustee. Can be 'user', 'domain', 'group' or 'anyone'","description_kind":"plain","required":true},"use_domain_admin_access":{"type":"bool","description":"Use domain admin access","description_kind":"plain","optional":true}},"description_kind":"plain"}}},"data_source_schemas":{"gdrive_drive":{"version":0,"block":{"attributes":{"drive_id":{"type":"string","description":"ID of the Shared Drive","description_kind":"plain","required":true},"id":{"type":"string","description_kind":"plain","optional":true,"computed":true},"name":{"type":"string","description_kind":"plain","computed":true},"restrictions":{"type":["list",["object",{"admin_managed_restrictions":"bool","copy_requires_writer_permission":"bool","domain_users_only":"bool","drive_members_only":"bool"}]],"description_kind":"plain","computed":true},"use_domain_admin_access":{"type":"bool","description":"Use domain admin access","description_kind":"plain","optional":true}},"description_kind":"plain"}},"gdrive_file":{"version":0,"block":{"attributes":{"download_path":{"type":"string","description":"Use this to specify a local file path to download a (non-Google) file","description_kind":"plain","optional":true},"drive_id":{"type":"string","description_kind":"plain","computed":true},"export_mime_type":{"type":"string","description":"Specify the target MIME type for the export.\nFor a list of supported MIME types see https://developers.google.com/drive/api/v3/ref-export-formats","description_kind":"plain","optional":true},"export_path":{"type":"string","description":"Use this to specify a local file path to export a Google file (sheet, doc, etc.)","description_kind":"plain","optional":true},"file_id":{"type":"string","description":"ID of the file","description_kind":"plain","required":true},"id":{"type":"string","description_kind":"plain","optional":true,"computed":true},"local_file_path":{"type":"string","description":"The path where the local copy or export of the file was created","description_kind":"plain","computed":true},"mime_type":{"type":"string","description_kind":"plain","computed":true},"name":{"type":"string","description_kind":"plain","computed":true},"parent":{"type":"string","description_kind":"plain","computed":true}},"description_kind":"plain"}},"gdrive_permission":{"version":0,"block":{"attributes":{"domain":{"type":"string","description_kind":"plain","computed":true},"email_address":{"type":"string","description_kind":"plain","computed":true},"file_id":{"type":"string","description":"ID of the file or Shared Drive","description_kind":"plain","required":true},"id":{"type":"string","description_kind":"plain","optional":true,"computed":true},"permission_id":{"type":"string","description":"ID of the permission","description_kind":"plain","required":true},"role":{"type":"string","description_kind":"plain","computed":true},"type":{"type":"string","description_kind":"plain","computed":true},"use_domain_admin_access":{"type":"bool","description":"Use domain admin access","description_kind":"plain","optional":true}},"description_kind":"plain"}}}}}}
