{"format_version":"0.2","provider_schemas":{"registry.terraform.io/hansemerkur/foreman":{"provider":{"version":0,"block":{"attributes":{"client_password":{"type":"string","description":"The username to authenticate against Foreman. This can also be set through the environment variable `FOREMAN_CLIENT_PASSWORD`. Defaults to `\"\"`.","description_kind":"plain","optional":true},"client_tls_insecure":{"type":"bool","description":"Whether or not to verify the server's certificate. Defaults to `false`.","description_kind":"plain","optional":true},"client_username":{"type":"string","description":"The username to authenticate against Foreman. This can also be set through the environment variable `FOREMAN_CLIENT_USERNAME`. Defaults to `\"\"`.","description_kind":"plain","optional":true},"location_id":{"type":"number","description":"The location for all resources requested and created by the providerDefaults to \"0\". Set organization_id and location_id to a value \u003c 0 if you need to disable Locations and Organizations on Foreman older than 1.21","description_kind":"plain","optional":true},"organization_id":{"type":"number","description":"The organization for all resource requsted and created by the Provier Defaults to \"0\". Set organization_id and location_id to a value \u003c 0 if you need to disable Locations and Organizations on Foreman older than 1.21","description_kind":"plain","optional":true},"provider_logfile":{"type":"string","description":"Where to deirect provider-specific log output. A value of '-' preserves the default behavior of the log package from Golang stdlib and will be combined with the main terraform.log file produced by terraform. If the desired output file does not exist, it will be created. If the file already exists, logs will be appended to the file. This can also be set through the enviornment variable `FOREMAN_PROVIDER_LOGFILE`. Defaults to `'terraform-provider-foreman.log'`.","description_kind":"plain","optional":true},"provider_loglevel":{"type":"string","description":"The level of verbosity for the provider's log file. This setting determines which types of log messages are written and which are ignored. Possible values (from most verbose to least verbose) include 'DEBUG', 'TRACE', 'INFO', 'WARNING', 'ERROR', and 'NONE'.  The provider's logs will be written to the location specified by `provider_logfile`. This can also be set through the environment variable `FOREMAN_PROVIDER_LOGLEVEL`. Defaults to `'INFO'`.","description_kind":"plain","optional":true},"server_hostname":{"type":"string","description":"The hostname / IP address of the Foreman REST API server","description_kind":"plain","required":true},"server_protocol":{"type":"string","description":"The protocol the Foreman REST API server is using for communication. Defaults to `\"https\"`.","description_kind":"plain","optional":true}},"description_kind":"plain"}},"resource_schemas":{"foreman_architecture":{"version":0,"block":{"attributes":{"__meta__":{"type":"bool","description":"@SUMMARY Foreman representation of an instruction set architecture (ISA).","description_kind":"plain","computed":true},"id":{"type":"string","description_kind":"plain","optional":true,"computed":true},"name":{"type":"string","description":"The name of the architecture. Valid characters: ^[A-Za-z0-9-_.]+$. @EXAMPLE \"i386\"","description_kind":"plain","required":true},"operatingsystem_ids":{"type":["set","number"],"description":"IDs of the operating systems associated with this architecture","description_kind":"plain","optional":true}},"description_kind":"plain"}},"foreman_computeresource":{"version":0,"block":{"attributes":{"__meta__":{"type":"bool","description":"@SUMMARY Foreman representation of computeresource. ComputeResources serve as an identification string that defines autonomy, authority, or control for a portion of a network.","description_kind":"plain","computed":true},"cachingenabled":{"type":"bool","description":"For VMware only","description_kind":"plain","optional":true},"datacenter":{"type":"string","description":"For oVirt, VMware Datacenter","description_kind":"plain","optional":true},"displaytype":{"type":"string","description":"For Libvirt: \"VNC\" or \"SPICE\". For VMWare: \"VNC\" or \"VMRC\"","description_kind":"plain","optional":true},"hypervisor":{"type":"string","description":"The HyperVisor/Cloud Provider for this Compute Resource:supported providers include \"Libvirt\", \"Ovirt\", \"EC2\",\"Vmware\", \"Openstack\", \"Rackspace\", \"GCE\"","description_kind":"plain","required":true},"id":{"type":"string","description_kind":"plain","optional":true,"computed":true},"name":{"type":"string","description":"Name of the compute resource","description_kind":"plain","required":true},"password":{"type":"string","description":"Password for oVirt, EC2, VMware, OpenStack. Secret key for EC2","description_kind":"plain","optional":true,"sensitive":true},"server":{"type":"string","description":"For VMware","description_kind":"plain","optional":true},"setconsolepassword":{"type":"bool","description":"For Libvirt and VMware only","description_kind":"plain","optional":true},"url":{"type":"string","description":"URL for Libvirt, oVirt, OpenStack and Rackspace","description_kind":"plain","required":true},"user":{"type":"string","description":"Username for oVirt, EC2, VMware, OpenStack. Access Key for EC2.","description_kind":"plain","optional":true}},"description_kind":"plain"}},"foreman_defaulttemplate":{"version":0,"block":{"attributes":{"__meta__":{"type":"bool","description":"@SUMMARY Foreman representation of default Template. Default Templates serve as an identification string that defines autonomy, authority, or control for a portion of a network.","description_kind":"plain","computed":true},"id":{"type":"string","description_kind":"plain","optional":true,"computed":true},"operatingsystem_id":{"type":"number","description":"ID of the operating system to assign this Default Template to","description_kind":"plain","optional":true},"provisioningtemplate_id":{"type":"number","description":"Id of the Provisioning Template","description_kind":"plain","optional":true},"templatekind_id":{"type":"number","description":"Template Kind Id to define the Default Template","description_kind":"plain","optional":true}},"description_kind":"plain"}},"foreman_domain":{"version":0,"block":{"attributes":{"__meta__":{"type":"bool","description":"@SUMMARY Foreman representation of domain. Domains serve as an identification string that defines autonomy, authority, or control for a portion of a network.","description_kind":"plain","computed":true},"fullname":{"type":"string","description":"Description of the domain","description_kind":"plain","optional":true},"id":{"type":"string","description_kind":"plain","optional":true,"computed":true},"name":{"type":"string","description":"The name of the domain - the full DNS domain name. @EXAMPLE \"dev.dc1.company.com\"","description_kind":"plain","required":true},"parameters":{"type":["map","string"],"description":"A map of parameters that will be saved as domain parameters in the domain config.","description_kind":"plain","optional":true}},"description_kind":"plain"}},"foreman_environment":{"version":0,"block":{"attributes":{"__meta__":{"type":"bool","description":"@SUMMARY A puppet environment, branch.","description_kind":"plain","computed":true},"id":{"type":"string","description_kind":"plain","optional":true,"computed":true},"name":{"type":"string","description":"Name of the environment. Usually maps to the name of a puppet branch. @EXAMPLE \"production\"","description_kind":"plain","required":true}},"description_kind":"plain"}},"foreman_global_parameter":{"version":0,"block":{"attributes":{"__meta__":{"type":"bool","description":"@SUMMARY Foreman representation of common_parameter. Global parameters are available for all resources","description_kind":"plain","computed":true},"id":{"type":"string","description_kind":"plain","optional":true,"computed":true},"name":{"type":"string","description_kind":"plain","required":true},"value":{"type":"string","description_kind":"plain","required":true}},"description_kind":"plain"}},"foreman_host":{"version":0,"block":{"attributes":{"__meta__":{"type":"bool","description":"@SUMMARY A host managed by Foreman.","description_kind":"plain","computed":true},"bmc_success":{"type":"bool","description":"Tracks the partial state of BMC operations on host creation. If these operations fail, the host will be created in Foreman and this boolean will remain `false`. On the next `terraform apply` will trigger the host update to pick back up with the BMC operations. @UNEXPORTED","description_kind":"plain","optional":true},"comment":{"type":"string","description":"Add additional information about this host.Note: Changes to this attribute will trigger a host rebuild.","description_kind":"plain","optional":true},"compute_attributes":{"type":"string","description":"Hypervisor specific VM options. Must be a JSON string, as every compute provider has different attributes schema","description_kind":"plain","optional":true,"computed":true},"compute_profile_id":{"type":"number","description_kind":"plain","optional":true,"computed":true},"compute_resource_id":{"type":"number","description_kind":"plain","optional":true},"domain_id":{"type":"number","description":"ID of the domain to assign to the host.","description_kind":"plain","optional":true,"computed":true},"enable_bmc":{"type":"bool","description":"Enables PMI/BMC functionality. On create and update calls, having this enabled will force a host to poweroff, set next boot to PXE and power on. Defaults to `false`.","description_kind":"plain","optional":true},"environment_id":{"type":"number","description":"ID of the environment to assign to the host.","description_kind":"plain","optional":true,"computed":true},"hostgroup_id":{"type":"number","description":"ID of the hostgroup to assign to the host.","description_kind":"plain","optional":true},"id":{"type":"string","description_kind":"plain","optional":true,"computed":true},"image_id":{"type":"number","description":"ID of an image to be used as base for this host when cloning","description_kind":"plain","optional":true,"computed":true},"medium_id":{"type":"number","description":"ID of the medium mounted on the host.","description_kind":"plain","optional":true,"computed":true},"method":{"type":"string","description":"Chooses a method with which to provision the HostOptions are \"build\" and \"image\"","description_kind":"plain","optional":true},"model_id":{"type":"number","description":"ID of the hardware model if applicable","description_kind":"plain","optional":true,"computed":true},"name":{"type":"string","description":"Host fully qualified domain name. @EXAMPLE \"compute01.dc1.company.com\"","description_kind":"plain","required":true},"operatingsystem_id":{"type":"number","description":"ID of the operating system to put on the host.","description_kind":"plain","optional":true,"computed":true},"owner_id":{"type":"number","description":"ID of the user or usergroup that owns the host.","description_kind":"plain","optional":true},"owner_type":{"type":"string","description":"Owner of the host, must be either User ot Usergroup","description_kind":"plain","optional":true},"parameters":{"type":["map","string"],"description":"A map of parameters that will be saved as host parameters in the machine config.","description_kind":"plain","optional":true},"retry_count":{"type":"number","description":"Number of times to retry on a failed attempt to register or delete a host in foreman.","description_kind":"plain","optional":true}},"block_types":{"interfaces_attributes":{"nesting_mode":"list","block":{"attributes":{"attached_devices":{"type":"string","description":"Identifiers of attached interfaces, e.g. 'eth1', 'eth2' as comma-separated list","description_kind":"plain","optional":true},"attached_to":{"type":"string","description":"Identifier of the interface to which this interface belongs.","description_kind":"plain","optional":true},"bmc_provider":{"type":"string","description":"Provider used for BMC/IMPI functionality. Values include: `\"IPMI\"`","description_kind":"plain","optional":true},"compute_attributes":{"type":["map","string"],"description":"Hypervisor specific interface options","description_kind":"plain","optional":true},"id":{"type":"number","description":"Unique identifier for the interface.","description_kind":"plain","computed":true},"identifier":{"type":"string","description":"Identifier of this interface local to the host.","description_kind":"plain","optional":true},"ip":{"type":"string","description":"IP address associated with the interface.","description_kind":"plain","optional":true,"computed":true},"mac":{"type":"string","description":"MAC address associated with the interface.","description_kind":"plain","optional":true,"computed":true},"managed":{"type":"bool","description":"Whether or not this interface is managed by Foreman.","description_kind":"plain","optional":true},"name":{"type":"string","description":"Name of the interface","description_kind":"plain","optional":true,"computed":true},"password":{"type":"string","description":"Associated password used for BMC/IPMI functionality.","description_kind":"plain","optional":true,"sensitive":true},"primary":{"type":"bool","description":"Whether or not this is the primary interface.","description_kind":"plain","optional":true},"provision":{"type":"bool","description":"Whether or not this interface is used to provision the host.","description_kind":"plain","optional":true},"subnet_id":{"type":"number","description":"ID of the subnet to associate with this interface.","description_kind":"plain","optional":true,"computed":true},"type":{"type":"string","description":"The type of interface. Values include: `\"interface\"`, `\"bmc\"`, `\"bond\"`, `\"bridge\"`.","description_kind":"plain","optional":true},"username":{"type":"string","description":"Username used for BMC/IPMI functionality.","description_kind":"plain","optional":true},"virtual":{"type":"bool","description":"Whether or not this is a virtual interface.","description_kind":"plain","optional":true}},"description":"Host interface information.","description_kind":"plain"}}},"description_kind":"plain"}},"foreman_hostgroup":{"version":0,"block":{"attributes":{"__meta__":{"type":"bool","description":"@SUMMARY Hostgroups are organized in a tree-like structure and inherit values from their parent hostgroup(s). When hosts get associated with a hostgroup, it will inherit attributes from the hostgroup. This allows for easy, shared configuration of various hosts based on common attributes.","description_kind":"plain","computed":true},"architecture_id":{"type":"number","description":"ID of the architecture associated with this hostgroup.","description_kind":"plain","optional":true,"computed":true},"compute_profile_id":{"type":"number","description":"ID of the compute profile associated with this hostgroup.","description_kind":"plain","optional":true,"computed":true},"domain_id":{"type":"number","description":"ID of the domain associated with this hostgroup.","description_kind":"plain","optional":true,"computed":true},"environment_id":{"type":"number","description":"ID of the environment associated with this hostgroup.","description_kind":"plain","optional":true,"computed":true},"id":{"type":"string","description_kind":"plain","optional":true,"computed":true},"medium_id":{"type":"number","description":"ID of the media associated with this hostgroup.","description_kind":"plain","optional":true,"computed":true},"name":{"type":"string","description":"Hostgroup name. @EXAMPLE \"compute\"","description_kind":"plain","required":true},"operatingsystem_id":{"type":"number","description":"ID of the operating system associated with this hostgroup.","description_kind":"plain","optional":true,"computed":true},"parameters":{"type":["map","string"],"description":"A map of parameters that will be saved as hostgroup parameters in the group config.","description_kind":"plain","optional":true},"parent_id":{"type":"number","description":"ID of the parent hostgroup.","description_kind":"plain","optional":true},"ptable_id":{"type":"number","description":"ID of the partition table associated with this hostgroup.","description_kind":"plain","optional":true,"computed":true},"puppet_ca_proxy_id":{"type":"number","description":"ID of the smart proxy acting as the puppet certificate authority server for this hostgroup.","description_kind":"plain","optional":true},"puppet_proxy_id":{"type":"number","description":"ID of the smart proxy acting as the puppet proxy server for this hostgroup.","description_kind":"plain","optional":true},"pxe_loader":{"type":"string","description":"Operating system family. Values include: \"None\", \"PXELinux BIOS\", \"PXELinux UEFI\", \"Grub UEFI\", \"Grub2 UEFI\", \"Grub2 UEFI SecureBoot\", \"Grub2 UEFI HTTP\", \"Grub2 UEFI HTTPS\", \"Grub2 UEFI HTTPS SecureBoot\", \"iPXE Embedded\", \"iPXE UEFI HTTP\", \"iPXE Chain BIOS\", \"iPXE Chain UEFI\"","description_kind":"plain","optional":true,"computed":true},"realm_id":{"type":"number","description":"ID of the realm associated with this hostgroup.","description_kind":"plain","optional":true,"computed":true},"root_password":{"type":"string","description":"Default root password","description_kind":"plain","optional":true,"sensitive":true},"subnet_id":{"type":"number","description":"ID of the subnet associated with the hostgroup.","description_kind":"plain","optional":true,"computed":true},"title":{"type":"string","description":"The title is the fullname of the hostgroup.  A hostgroup's title is a path-like string from the head of the hostgroup tree down to this hostgroup.  The title will be in the form of: \"\u003cparent 1\u003e/\u003cparent 2\u003e/.../\u003cname\u003e\".","description_kind":"plain","computed":true}},"description_kind":"plain"}},"foreman_httpproxy":{"version":0,"block":{"attributes":{"__meta__":{"type":"bool","description":"@SUMMARY Defining HTTP Proxies that exist on your network allows you to perform various actions through those proxies.","description_kind":"plain","computed":true},"id":{"type":"string","description_kind":"plain","optional":true,"computed":true},"name":{"type":"string","description":"The name of the http proxy. @EXAMPLE \"proxy.company.com\"","description_kind":"plain","required":true},"url":{"type":"string","description":"Uniform resource locator of the proxy. @EXAMPLE \"https://proxy.company.com:8443\"","description_kind":"plain","required":true}},"description_kind":"plain"}},"foreman_image":{"version":0,"block":{"attributes":{"__meta__":{"type":"bool","description":"@SUMMARY Foreman representation of image.","description_kind":"plain","computed":true},"archictecture_id":{"type":"number","description_kind":"plain","optional":true},"compute_resource_id":{"type":"number","description_kind":"plain","optional":true},"id":{"type":"string","description_kind":"plain","optional":true,"computed":true},"name":{"type":"string","description_kind":"plain","required":true},"operating_system_id":{"type":"number","description_kind":"plain","optional":true},"username":{"type":"string","description_kind":"plain","required":true},"uuid":{"type":"string","description_kind":"plain","required":true}},"description_kind":"plain"}},"foreman_katello_content_credential":{"version":0,"block":{"attributes":{"__meta__":{"type":"bool","description":"@SUMMARY Content Credentials are used to store credentials like GPG Keys and Certificates for the authentication to Products / Repositories.","description_kind":"plain","computed":true},"content":{"type":"string","description":"Public key block in DER encoding or certificate content. @EXAMPLE \"-----BEGIN PGP PUBLIC KEY BLOCK-----\n...\n-----END PGP PUBLIC KEY BLOCK-----\"","description_kind":"plain","required":true},"id":{"type":"string","description_kind":"plain","optional":true,"computed":true},"name":{"type":"string","description":"Identifier of the content credential.@EXAMPLE \"RPM-GPG-KEY-centos7\"","description_kind":"plain","required":true}},"description_kind":"plain"}},"foreman_katello_product":{"version":0,"block":{"attributes":{"__meta__":{"type":"bool","description":"@SUMMARY Poducts are mostly operating systems to which repositories are assigned.","description_kind":"plain","computed":true},"description":{"type":"string","description":"Product description.@EXAMPLE \"A product description\"","description_kind":"plain","optional":true},"gpg_key_id":{"type":"number","description":"Identifier of the GPG key.@EXAMPLE","description_kind":"plain","optional":true},"id":{"type":"string","description_kind":"plain","optional":true,"computed":true},"label":{"type":"string","description":"@EXAMPLE","description_kind":"plain","optional":true},"name":{"type":"string","description":"Product name.@EXAMPLE \"Debian 10\"","description_kind":"plain","required":true},"sync_plan_id":{"type":"number","description":"Plan numeric identifier.@EXAMPLE","description_kind":"plain","optional":true}},"description_kind":"plain"}},"foreman_katello_repository":{"version":0,"block":{"attributes":{"__meta__":{"type":"bool","description":"@SUMMARY Repository","description_kind":"plain","computed":true},"ansible_collection_requirements":{"type":"string","description":"Contents of requirement yaml file to sync from URL.@EXAMPLE","description_kind":"plain","optional":true},"checksum_type":{"type":"string","description":"Checksum of the repository, currently 'sha1' \u0026 'sha256' are supported@EXAMPLE \"sha256\"","description_kind":"plain","optional":true},"content_type":{"type":"string","description":"Product the repository belongs to. Valid values include:`\"deb\"`, \"docker\"`, \"file\"`, \"puppet\"`, \"yum\"`.@EXAMPLE \"yum\"","description_kind":"plain","required":true},"deb_architectures":{"type":"string","description":"Comma separated list of architectures to be synched from deb-archive.@EXAMPLE","description_kind":"plain","optional":true},"deb_components":{"type":"string","description":"Comma separated list of repo components to be synched from deb-archive.@EXAMPLE","description_kind":"plain","optional":true},"deb_releases":{"type":"string","description":"Comma separated list of releases to be synched from deb-archive.@EXAMPLE","description_kind":"plain","optional":true},"description":{"type":"string","description":"Repository description.@EXAMPLE \"A repository description\"","description_kind":"plain","optional":true},"docker_tags_whitelist":{"type":"string","description":"Comma separated list of tags to sync for Container Image repository.@EXAMPLE","description_kind":"plain","optional":true},"docker_upstream_name":{"type":"string","description":"Name of the upstream docker repository@EXAMPLE","description_kind":"plain","optional":true},"download_concurrency":{"type":"number","description":"Used to determine download concurrency of the repository in pulp3. Use value less than 20. Defaults to 10@EXAMPLE","description_kind":"plain","optional":true},"download_policy":{"type":"string","description":"Product the repository belongs to. Valid values include:`\"immediate\"`, \"on_demand\"`, \"background\"`.@EXAMPLE \"immediate\"","description_kind":"plain","optional":true},"gpg_key_id":{"type":"number","description":"Identifier of the GPG key.@EXAMPLE","description_kind":"plain","optional":true},"http_proxy_id":{"type":"number","description":"ID of a HTTP Proxy.@EXAMPLE","description_kind":"plain","optional":true},"http_proxy_policy":{"type":"string","description":"Policies for HTTP proxy for content sync. Valid values include:`\"global_default_http_proxy\"`, \"none\"`, \"use_selected_http_proxy\"`.@EXAMPLE \"global_default_http_proxy\"","description_kind":"plain","optional":true},"id":{"type":"string","description_kind":"plain","optional":true,"computed":true},"ignorable_content":{"type":"string","description":"List of content units to ignore while syncing a yum repository. Must be subset of rpm,drpm,srpm,distribution,erratum@EXAMPLE","description_kind":"plain","optional":true},"ignore_global_proxy":{"type":"bool","description":"If true, will ignore the globally configured proxy when syncing.@EXAMPLE true","description_kind":"plain","optional":true},"label":{"type":"string","description":"@EXAMPLE","description_kind":"plain","optional":true},"mirror_on_sync":{"type":"bool","description":"true if this repository when synced has to be mirrored from the source and stale rpms removed.@EXAMPLE true","description_kind":"plain","optional":true},"name":{"type":"string","description":"Repository name.@EXAMPLE \"My Repository\"","description_kind":"plain","required":true},"product_id":{"type":"number","description":"Product the repository belongs to.@EXAMPLE","description_kind":"plain","required":true},"unprotected":{"type":"bool","description":"true if this repository can be published via HTTP.@EXAMPLE true","description_kind":"plain","optional":true},"upstream_password":{"type":"string","description":"Password of the upstream repository user used for authentication.@EXAMPLE \"S3cr3t123!\"","description_kind":"plain","optional":true},"upstream_username":{"type":"string","description":"Username of the upstream repository user used for authentication.@EXAMPLE \"admin\"","description_kind":"plain","optional":true},"url":{"type":"string","description":"Repository source url.@EXAMPLE \"http://mirror.centos.org/centos/7/os/x86_64/\"","description_kind":"plain","optional":true},"verify_ssl_on_sync":{"type":"bool","description":"If true, Katello will verify the upstream url's SSL certifcates are signed by a trusted CA.@EXAMPLE true","description_kind":"plain","optional":true}},"description_kind":"plain"}},"foreman_katello_sync_plan":{"version":0,"block":{"attributes":{"__meta__":{"type":"bool","description":"@SUMMARY A sync plan is used to schedule a synchronization of a product in katello","description_kind":"plain","computed":true},"cron_expression":{"type":"string","description":"Custom cron logic for sync plan.@EXAMPLE \"*/5 * * * *\"","description_kind":"plain","optional":true},"description":{"type":"string","description":"Sync plan description.@EXAMPLE \"A sync plan description\"","description_kind":"plain","optional":true},"enabled":{"type":"bool","description":"Enables or disables synchronization.@EXAMPLE true","description_kind":"plain","required":true},"id":{"type":"string","description_kind":"plain","optional":true,"computed":true},"interval":{"type":"string","description":"How often synchronization should run. Valid values include: `\"hourly\"`, `\"daily\"`, `\"weekly\"`,`\"custom cron\"`.@EXAMPLE \"daily\"","description_kind":"plain","required":true},"name":{"type":"string","description":"Sync plan name.@EXAMPLE \"daily\"","description_kind":"plain","required":true},"sync_date":{"type":"string","description":"Start datetime of synchronization.@EXAMPLE \"1970-01-01 00:00:00 UTC\"","description_kind":"plain","required":true}},"description_kind":"plain"}},"foreman_media":{"version":0,"block":{"attributes":{"__meta__":{"type":"bool","description":"@SUMMARY Remote installation media.","description_kind":"plain","computed":true},"id":{"type":"string","description_kind":"plain","optional":true,"computed":true},"name":{"type":"string","description":"Name of the media. @EXAMPLE \"CentOS mirror\"","description_kind":"plain","required":true},"operatingsystem_ids":{"type":["set","number"],"description":"IDs of the operating systems associated with this media.","description_kind":"plain","optional":true,"computed":true},"os_family":{"type":"string","description":"Operating system family. Values include: `\"AIX\"`, `\"Altlinux\"`, `\"Archlinux\"`, `\"Coreos\"`, `\"Debian\"`, `\"Freebsd\"`, `\"Gentoo\"`, `\"Junos\"`, `\"NXOS\"`, `\"Redhat\"`, `\"Solaris\"`, `\"Suse\"`, `\"Windows\"`.","description_kind":"plain","optional":true},"path":{"type":"string","description":"The path to the medium, can be a URL or a valid NFS server (exclusive of the architecture).  For example:\n\nhttp://mirror.centos.org/centos/$version/os/$arch\n\nWhere $arch will be substituted for the host's actual OS architecture and $version, $major, $minor will be substituted for the version of the operating system. \n\nSolaris and Debian media may also use $release. @EXAMPLE \"http://mirror.averse.net/centos/$major.$minor/os/$arch\"","description_kind":"plain","required":true}},"description_kind":"plain"}},"foreman_model":{"version":0,"block":{"attributes":{"__meta__":{"type":"bool","description":"@SUMMARY Vendor-specific hardware model.","description_kind":"plain","computed":true},"hardware_model":{"type":"string","description":"Name of the specific hardware model.","description_kind":"plain","optional":true},"id":{"type":"string","description_kind":"plain","optional":true,"computed":true},"info":{"type":"string","description":"Additional information about this hardware model.","description_kind":"plain","optional":true},"name":{"type":"string","description":"The name of the hardware model. @EXAMPLE \"PowerEdge FC630\"","description_kind":"plain","required":true},"vendor_class":{"type":"string","description":"Name or class of the hardware vendor.","description_kind":"plain","optional":true}},"description_kind":"plain"}},"foreman_operatingsystem":{"version":0,"block":{"attributes":{"__meta__":{"type":"bool","description":"@SUMMARY Foreman representation of an operating system.","description_kind":"plain","computed":true},"architectures":{"type":["set","number"],"description":"Identifiers of attached architectures","description_kind":"plain","optional":true},"description":{"type":"string","description":"Additional operating system information.","description_kind":"plain","optional":true},"family":{"type":"string","description":"Operating system family. Values include: `\"AIX\"`, `\"Altlinux\"`, `\"Archlinux\"`, `\"Coreos\"`, `\"Debian\"`, `\"Freebsd\"`, `\"Gentoo\"`, `\"Junos\"`, `\"NXOS\"`, `\"Redhat\"`, `\"Solaris\"`, `\"Suse\"`, `\"Windows\"`.","description_kind":"plain","optional":true},"id":{"type":"string","description_kind":"plain","optional":true,"computed":true},"major":{"type":"string","description":"Major release version. @EXAMPLE \"7\"","description_kind":"plain","required":true},"media":{"type":["set","number"],"description":"Identifiers of attached media","description_kind":"plain","optional":true},"minor":{"type":"string","description":"Minor release version. @EXAMPLE \"4\"","description_kind":"plain","optional":true},"name":{"type":"string","description":"Operating system name. @EXAMPLE \"CentOS\"","description_kind":"plain","required":true},"parameters":{"type":["map","string"],"description":"A map of parameters that will be saved as operating system parameters in the os config.","description_kind":"plain","optional":true},"partitiontables":{"type":["set","number"],"description":"Identifiers of attached partition tables","description_kind":"plain","optional":true,"computed":true},"password_hash":{"type":"string","description":"Root password hash function to use. Valid values include: `\"MD5\"`, `\"SHA256\"`, `\"SHA512\"`, `\"Base64\"`.","description_kind":"plain","optional":true},"provisioning_templates":{"type":["set","number"],"description":"Identifiers of attached provisioning templates","description_kind":"plain","optional":true,"computed":true},"release_name":{"type":"string","description":"Code name or release name for the specific operating system version.","description_kind":"plain","optional":true},"title":{"type":"string","description":"The operating system's title is a concatentation of the OS name, major, and minor versions to get a full operating system release.","description_kind":"plain","computed":true}},"description_kind":"plain"}},"foreman_parameter":{"version":0,"block":{"attributes":{"__meta__":{"type":"bool","description":"@SUMMARY Foreman representation of parameter. Parameters serve as an identification string that defines autonomy, authority, or control for a portion of a network.","description_kind":"plain","computed":true},"domain_id":{"type":"number","description":"ID of the domain to assign this parameter to","description_kind":"plain","optional":true},"host_id":{"type":"number","description":"ID of the host to assign this parameter to","description_kind":"plain","optional":true},"hostgroup_id":{"type":"number","description":"ID of the host group to assign this parameter to","description_kind":"plain","optional":true},"id":{"type":"string","description_kind":"plain","optional":true,"computed":true},"name":{"type":"string","description_kind":"plain","required":true},"operatingsystem_id":{"type":"number","description":"ID of the operating system to assign this parameter to","description_kind":"plain","optional":true},"subnet_id":{"type":"number","description":"ID of the subnet to assign this parameter to","description_kind":"plain","optional":true},"value":{"type":"string","description_kind":"plain","required":true}},"description_kind":"plain"}},"foreman_partitiontable":{"version":0,"block":{"attributes":{"__meta__":{"type":"bool","description":"@SUMMARY The disk partition layout of the host.","description_kind":"plain","computed":true},"audit_comment":{"type":"string","description":"Any audit comments to associate with the partition table. The audit comment field is saved with the template auditing to document the template changes.","description_kind":"plain","optional":true},"host_ids":{"type":["set","number"],"description":"IDs of the hosts associated with this partition table.","description_kind":"plain","optional":true,"computed":true},"hostgroup_ids":{"type":["set","number"],"description":"IDs of the hostgroups associated with this partition table.","description_kind":"plain","optional":true,"computed":true},"id":{"type":"string","description_kind":"plain","optional":true,"computed":true},"layout":{"type":"string","description":"The script that defines the partition table layout. @EXAMPLE \"void\"","description_kind":"plain","required":true},"locked":{"type":"bool","description":"Whether or not this partition table is locked for editing.","description_kind":"plain","optional":true},"name":{"type":"string","description":"The name of the partition table. @EXAMPLE \"AutoYaST LVM\"","description_kind":"plain","required":true},"operatingsystem_ids":{"type":["set","number"],"description":"IDs of the operating system associated with this partition table.","description_kind":"plain","optional":true,"computed":true},"os_family":{"type":"string","description":"Operating system family. Values include: `\"AIX\"`, `\"Altlinux\"`, `\"Archlinux\"`, `\"Coreos\"`, `\"Debian\"`, `\"Freebsd\"`, `\"Gentoo\"`, `\"Junos\"`, `\"NXOS\"`, `\"Redhat\"`, `\"Solaris\"`, `\"Suse\"`, `\"Windows\"`.","description_kind":"plain","optional":true},"snippet":{"type":"bool","description":"Whether or not this partition table is a snippet to be embedded in other partition tables.","description_kind":"plain","optional":true}},"description_kind":"plain"}},"foreman_provisioningtemplate":{"version":0,"block":{"attributes":{"__meta__":{"type":"bool","description":"@SUMMARY Provisioning templates are scripts used to describe how to bootstrap and install the operating system on the host.","description_kind":"plain","computed":true},"audit_comment":{"type":"string","description":"Notes and comments for auditing purposes.","description_kind":"plain","optional":true},"id":{"type":"string","description_kind":"plain","optional":true,"computed":true},"locked":{"type":"bool","description":"Whether or not the template is locked for editing.","description_kind":"plain","optional":true},"name":{"type":"string","description":"Name of the provisioning template. @EXAMPLE \"AutoYaST default\"","description_kind":"plain","required":true},"operatingsystem_ids":{"type":["set","number"],"description":"IDs of the operating systems associated with this provisioning template.","description_kind":"plain","optional":true,"computed":true},"snippet":{"type":"bool","description":"Whether or not the provisioning template is a snippet be used by other templates.","description_kind":"plain","optional":true},"template":{"type":"string","description":"The markup and code of the provisioning template. @EXAMPLE \"void\"","description_kind":"plain","required":true},"template_kind_id":{"type":"number","description":"ID of the template kind which categorizes the provisioning template. Optional for snippets, otherwise required.","description_kind":"plain","optional":true}},"block_types":{"template_combinations_attributes":{"nesting_mode":"set","block":{"attributes":{"environment_id":{"type":"number","description":"The environment ID for this template combination.","description_kind":"plain","optional":true,"computed":true},"hostgroup_id":{"type":"number","description":"The hostgroup ID for this template combination.","description_kind":"plain","optional":true,"computed":true},"id":{"type":"number","description":"Template combination unique identifier.","description_kind":"plain","computed":true}},"description":"How templates are determined:\n\nWhen editing a template, you must assign a list of operating systems which this template can be used with.  Optionally, you can restrict a template to a list of host groups and/or environments.\n\nWhen a host requests a template, Foreman will select the best match from the available templates of that type in the following order:\n\n  1. host group and environment\n  2. host group only\n  3. environment only\n  4. operating system default\n\nTemplate combinations attributes contains an array of hostgroup IDs and environment ID combinations so they can be used in the provisioning template selection described above.","description_kind":"plain"}}},"description_kind":"plain"}},"foreman_smartproxy":{"version":0,"block":{"attributes":{"__meta__":{"type":"bool","description":"@SUMMARY Smart proxies provide an API for a higher-level orchestration tool. Foreman supports the following smart proxies: DHCP (ISC DHCP \u0026 MS DHCP servers), DNS (bind \u0026 MS DNS servers), Puppet \u003e= 0.24.x, Puppet CA, Realm (FreeIPA), Templates, TFTP.","description_kind":"plain","computed":true},"id":{"type":"string","description_kind":"plain","optional":true,"computed":true},"name":{"type":"string","description":"The name of the smart proxy. @EXAMPLE \"dns.dc1.company.com\"","description_kind":"plain","required":true},"url":{"type":"string","description":"Uniform resource locator of the proxy. @EXAMPLE \"https://dns.dc1.company.com:8443\"","description_kind":"plain","required":true}},"description_kind":"plain"}},"foreman_subnet":{"version":0,"block":{"attributes":{"__meta__":{"type":"bool","description":"@SUMMARY Foreman representation of a subnetwork.","description_kind":"plain","computed":true},"boot_mode":{"type":"string","description":"Default boot mode for instances assigned to this subnet. Values include: `\"Static\"`, `\"DHCP\"`.","description_kind":"plain","optional":true},"dhcp_id":{"type":"number","description":"DHCP Proxy ID to use within this subnet","description_kind":"plain","optional":true},"dns_primary":{"type":"string","description":"Primary DNS server for this subnet.","description_kind":"plain","optional":true},"dns_secondary":{"type":"string","description":"Secondary DNS sever for this subnet.","description_kind":"plain","optional":true},"domain_ids":{"type":["set","number"],"description":"Domains in which this subnet is part","description_kind":"plain","optional":true},"from":{"type":"string","description":"Start IP address for IP auto suggestion.","description_kind":"plain","optional":true},"gateway":{"type":"string","description":"Gateway server to use when connecting/communicating to anything not on the same network.","description_kind":"plain","optional":true},"httpboot_id":{"type":"number","description":"HTTPBoot Proxy ID to use within this subnet","description_kind":"plain","optional":true},"id":{"type":"string","description_kind":"plain","optional":true,"computed":true},"ipam":{"type":"string","description":"IP address auto-suggestion for this subnet. Valid values include: `\"DHCP\"`, `\"Internal DB\"`, `\"Random DB\"`,`\"None\"`.","description_kind":"plain","optional":true},"mask":{"type":"string","description":"Netmask for this subnet. @EXAMPLE \"255.255.255.0\"","description_kind":"plain","required":true},"mtu":{"type":"number","description":"MTU value for the subnet","description_kind":"plain","optional":true},"name":{"type":"string","description":"Subnet name. @EXAMPLE \"10.228.247.0 BO1\"","description_kind":"plain","required":true},"network":{"type":"string","description":"Subnet network. @EXAMPLE \"10.228.247.0\"","description_kind":"plain","required":true},"network_address":{"type":"string","description":"The Subnets CIDR in the format 169.254.0.0/16","description_kind":"plain","optional":true},"network_type":{"type":"string","description":"Type or protocol, IPv4 or IPv6, defaults to IPv4.","description_kind":"plain","optional":true},"template_id":{"type":"number","description":"Template HTTP(S) Proxy ID to use within this subnet","description_kind":"plain","optional":true},"tftp_id":{"type":"number","description":"TFTP Proxy ID to use within this subnet","description_kind":"plain","optional":true},"to":{"type":"string","description":"Ending IP address for IP auto suggestion.","description_kind":"plain","optional":true},"vlanid":{"type":"number","description":"VLAN id that is in use in the subnet","description_kind":"plain","optional":true}},"description_kind":"plain"}},"foreman_user":{"version":0,"block":{"attributes":{"__meta__":{"type":"bool","description":"@SUMMARY User can be used to allow access to foreman.","description_kind":"plain","computed":true},"admin":{"type":"bool","description":"If the user is allow admin privileges","description_kind":"plain","optional":true},"auth_source_id":{"type":"number","description":"Set the authentication source, i.e internal (1,default) or external (2)","description_kind":"plain","optional":true},"default_location_id":{"type":"number","description":"Default location for the user, if empty takes global default","description_kind":"plain","optional":true},"default_organization_id":{"type":"number","description":"Default organization for the user, if empty takes global default","description_kind":"plain","optional":true},"description":{"type":"string","description":"Description of user","description_kind":"plain","optional":true},"firstname":{"type":"string","description":"First name of the user","description_kind":"plain","optional":true},"id":{"type":"string","description_kind":"plain","optional":true,"computed":true},"lastname":{"type":"string","description":"Last name of user","description_kind":"plain","optional":true},"locale":{"type":"string","description":"Sets the timezone/location of a user","description_kind":"plain","optional":true},"location_ids":{"type":["set","number"],"description":"List of all locations a user has access to","description_kind":"plain","optional":true},"login":{"type":"string","description":"Username used for logging-in","description_kind":"plain","required":true},"mail":{"type":"string","description":"Email of user","description_kind":"plain","optional":true},"organization_ids":{"type":["set","number"],"description":"List of all organizations a user has access to","description_kind":"plain","optional":true},"password":{"type":"string","description":"Password of user, required if auth_source_id is 1 (internal)","description_kind":"plain","optional":true,"sensitive":true}},"description_kind":"plain"}},"foreman_usergroup":{"version":0,"block":{"attributes":{"__meta__":{"type":"bool","description":"@SUMMARY Usergroups can be used to organize permissions and ownership of the hosts.","description_kind":"plain","computed":true},"admin":{"type":"bool","description":"Is an admin user group.@EXAMPLE true","description_kind":"plain","optional":true},"id":{"type":"string","description_kind":"plain","optional":true,"computed":true},"name":{"type":"string","description":"Usergroup name. @EXAMPLE \"compute\"","description_kind":"plain","required":true}},"description_kind":"plain"}}},"data_source_schemas":{"foreman_architecture":{"version":0,"block":{"attributes":{"__meta__":{"type":"bool","description":"@SUMMARY Foreman representation of an instruction set architecture (ISA).","description_kind":"plain","computed":true},"id":{"type":"string","description_kind":"plain","optional":true,"computed":true},"name":{"type":"string","description":"The name of the architecture. @EXAMPLE \"x86_64\"","description_kind":"plain","required":true},"operatingsystem_ids":{"type":["set","number"],"description":"IDs of the operating systems associated with this architecture","description_kind":"plain","computed":true}},"description_kind":"plain"}},"foreman_computeprofile":{"version":0,"block":{"attributes":{"id":{"type":"string","description_kind":"plain","optional":true,"computed":true},"name":{"type":"string","description":"Compute profile name.@EXAMPLE \"2-Medium\"","description_kind":"plain","required":true}},"description_kind":"plain"}},"foreman_computeresource":{"version":0,"block":{"attributes":{"__meta__":{"type":"bool","description":"@SUMMARY Foreman representation of computeresource. ComputeResources serve as an identification string that defines autonomy, authority, or control for a portion of a network.","description_kind":"plain","computed":true},"cachingenabled":{"type":"bool","description":"For VMware only","description_kind":"plain","computed":true},"datacenter":{"type":"string","description":"For oVirt, VMware Datacenter","description_kind":"plain","computed":true},"displaytype":{"type":"string","description":"For Libvirt: \"VNC\" or \"SPICE\". For VMWare: \"VNC\" or \"VMRC\"","description_kind":"plain","computed":true},"hypervisor":{"type":"string","description":"The HyperVisor/Cloud Provider for this Compute Resource:supported providers include \"Libvirt\", \"Ovirt\", \"EC2\",\"Vmware\", \"Openstack\", \"Rackspace\", \"GCE\"","description_kind":"plain","computed":true},"id":{"type":"string","description_kind":"plain","optional":true,"computed":true},"name":{"type":"string","description":"The name of the compute resource. @EXAMPLE","description_kind":"plain","required":true},"password":{"type":"string","description":"Password for oVirt, EC2, VMware, OpenStack. Secret key for EC2","description_kind":"plain","computed":true},"server":{"type":"string","description":"For VMware","description_kind":"plain","computed":true},"setconsolepassword":{"type":"bool","description":"For Libvirt and VMware only","description_kind":"plain","computed":true},"url":{"type":"string","description":"URL for Libvirt, oVirt, OpenStack and Rackspace","description_kind":"plain","computed":true},"user":{"type":"string","description":"Username for oVirt, EC2, VMware, OpenStack. Access Key for EC2.","description_kind":"plain","computed":true}},"description_kind":"plain"}},"foreman_defaulttemplate":{"version":0,"block":{"attributes":{"__meta__":{"type":"bool","description":"@SUMMARY Foreman representation of default Template. Default Templates serve as an identification string that defines autonomy, authority, or control for a portion of a network.","description_kind":"plain","computed":true},"id":{"type":"string","description_kind":"plain","optional":true,"computed":true},"name":{"type":"string","description":"The name of the defaultTemplate - the full DNS defaultTemplate name. @EXAMPLE \"dev.dc1.company.com\"","description_kind":"plain","required":true},"operatingsystem_id":{"type":"number","description":"ID of the operating system to assign this Default Template to","description_kind":"plain","computed":true},"provisioningtemplate_id":{"type":"number","description":"Id of the Provisioning Template","description_kind":"plain","computed":true},"templatekind_id":{"type":"number","description":"Template Kind Id to define the Default Template","description_kind":"plain","computed":true}},"description_kind":"plain"}},"foreman_domain":{"version":0,"block":{"attributes":{"__meta__":{"type":"bool","description":"@SUMMARY Foreman representation of domain. Domains serve as an identification string that defines autonomy, authority, or control for a portion of a network.","description_kind":"plain","computed":true},"fullname":{"type":"string","description":"Description of the domain","description_kind":"plain","computed":true},"id":{"type":"string","description_kind":"plain","optional":true,"computed":true},"name":{"type":"string","description":"The name of the domain - the full DNS domain name. @EXAMPLE \"dev.dc1.company.com\"","description_kind":"plain","required":true},"parameters":{"type":["map","string"],"description":"A map of parameters that will be saved as domain parameters in the domain config.","description_kind":"plain","computed":true}},"description_kind":"plain"}},"foreman_environment":{"version":0,"block":{"attributes":{"__meta__":{"type":"bool","description":"@SUMMARY A puppet environment, branch.","description_kind":"plain","computed":true},"id":{"type":"string","description_kind":"plain","optional":true,"computed":true},"name":{"type":"string","description":"The name of the puppet branch, environment. @EXAMPLE \"production\"","description_kind":"plain","required":true}},"description_kind":"plain"}},"foreman_global_parameter":{"version":0,"block":{"attributes":{"__meta__":{"type":"bool","description":"@SUMMARY Foreman representation of common_parameter. Global parameters are available for all resources","description_kind":"plain","computed":true},"id":{"type":"string","description_kind":"plain","optional":true,"computed":true},"name":{"type":"string","description":"The name of the common_parameter - the full DNS common_parameter name. @EXAMPLE \"dev.dc1.company.com\"","description_kind":"plain","required":true},"value":{"type":"string","description_kind":"plain","computed":true}},"description_kind":"plain"}},"foreman_hostgroup":{"version":0,"block":{"attributes":{"__meta__":{"type":"bool","description":"@SUMMARY Hostgroups are organized in a tree-like structure and inherit values from their parent hostgroup(s). When hosts get associated with a hostgroup, it will inherit attributes from the hostgroup. This allows for easy, shared configuration of various hosts based on common attributes.","description_kind":"plain","computed":true},"architecture_id":{"type":"number","description":"ID of the architecture associated with this hostgroup.","description_kind":"plain","computed":true},"compute_profile_id":{"type":"number","description":"ID of the compute profile associated with this hostgroup.","description_kind":"plain","computed":true},"domain_id":{"type":"number","description":"ID of the domain associated with this hostgroup.","description_kind":"plain","computed":true},"environment_id":{"type":"number","description":"ID of the environment associated with this hostgroup.","description_kind":"plain","computed":true},"id":{"type":"string","description_kind":"plain","optional":true,"computed":true},"medium_id":{"type":"number","description":"ID of the media associated with this hostgroup.","description_kind":"plain","computed":true},"name":{"type":"string","description":"Hostgroup name. @EXAMPLE \"compute\"","description_kind":"plain","computed":true},"operatingsystem_id":{"type":"number","description":"ID of the operating system associated with this hostgroup.","description_kind":"plain","computed":true},"parameters":{"type":["map","string"],"description":"A map of parameters that will be saved as hostgroup parameters in the group config.","description_kind":"plain","computed":true},"parent_id":{"type":"number","description":"ID of the parent hostgroup.","description_kind":"plain","computed":true},"ptable_id":{"type":"number","description":"ID of the partition table associated with this hostgroup.","description_kind":"plain","computed":true},"puppet_ca_proxy_id":{"type":"number","description":"ID of the smart proxy acting as the puppet certificate authority server for this hostgroup.","description_kind":"plain","computed":true},"puppet_proxy_id":{"type":"number","description":"ID of the smart proxy acting as the puppet proxy server for this hostgroup.","description_kind":"plain","computed":true},"pxe_loader":{"type":"string","description":"Operating system family. Values include: \"None\", \"PXELinux BIOS\", \"PXELinux UEFI\", \"Grub UEFI\", \"Grub2 UEFI\", \"Grub2 UEFI SecureBoot\", \"Grub2 UEFI HTTP\", \"Grub2 UEFI HTTPS\", \"Grub2 UEFI HTTPS SecureBoot\", \"iPXE Embedded\", \"iPXE UEFI HTTP\", \"iPXE Chain BIOS\", \"iPXE Chain UEFI\"","description_kind":"plain","computed":true},"realm_id":{"type":"number","description":"ID of the realm associated with this hostgroup.","description_kind":"plain","computed":true},"root_password":{"type":"string","description":"Default root password","description_kind":"plain","computed":true},"subnet_id":{"type":"number","description":"ID of the subnet associated with the hostgroup.","description_kind":"plain","computed":true},"title":{"type":"string","description":"The title is the fullname of the hostgroup.  A hostgroup's title is a path-like string from the head of the hostgroup tree down to this hostgroup.  The title will be in the form of: \"\u003cparent 1\u003e/\u003cparent 2\u003e/.../\u003cname\u003e\". @EXAMPLE \"BO1/VM/DEVP4\"","description_kind":"plain","required":true}},"description_kind":"plain"}},"foreman_httpproxy":{"version":0,"block":{"attributes":{"__meta__":{"type":"bool","description":"@SUMMARY Defining HTTP Proxies that exist on your network allows you to perform various actions through those proxies.","description_kind":"plain","computed":true},"id":{"type":"string","description_kind":"plain","optional":true,"computed":true},"name":{"type":"string","description":"The name of the smart proxy. @EXAMPLE \"proxy.company.com\"","description_kind":"plain","required":true},"url":{"type":"string","description":"Uniform resource locator of the proxy. @EXAMPLE \"https://proxy.company.com:8443\"","description_kind":"plain","computed":true}},"description_kind":"plain"}},"foreman_image":{"version":0,"block":{"attributes":{"__meta__":{"type":"bool","description":"@SUMMARY Foreman representation of image.","description_kind":"plain","computed":true},"archictecture_id":{"type":"number","description_kind":"plain","computed":true},"compute_resource_id":{"type":"number","description":"The id of the Compute Resource the image is associated with","description_kind":"plain","required":true},"id":{"type":"string","description_kind":"plain","optional":true,"computed":true},"name":{"type":"string","description":"The name of the compute resource. @EXAMPLE","description_kind":"plain","required":true},"operating_system_id":{"type":"number","description_kind":"plain","computed":true},"username":{"type":"string","description_kind":"plain","computed":true},"uuid":{"type":"string","description_kind":"plain","computed":true}},"description_kind":"plain"}},"foreman_katello_content_credential":{"version":0,"block":{"attributes":{"__meta__":{"type":"bool","description":"@SUMMARY Content Credentials are used to store credentials like GPG Keys and Certificates for the authentication to Products / Repositories.","description_kind":"plain","computed":true},"content":{"type":"string","description":"Public key block in DER encoding or certificate content. @EXAMPLE \"-----BEGIN PGP PUBLIC KEY BLOCK-----\n...\n-----END PGP PUBLIC KEY BLOCK-----\"","description_kind":"plain","computed":true},"id":{"type":"string","description_kind":"plain","optional":true,"computed":true},"name":{"type":"string","description":"Identifier of the content credential.@EXAMPLE \"RPM-GPG-KEY-centos7\"","description_kind":"plain","required":true}},"description_kind":"plain"}},"foreman_katello_product":{"version":0,"block":{"attributes":{"__meta__":{"type":"bool","description":"@SUMMARY Poducts are mostly operating systems to which repositories are assigned.","description_kind":"plain","computed":true},"description":{"type":"string","description":"Product description.@EXAMPLE \"A product description\"","description_kind":"plain","computed":true},"gpg_key_id":{"type":"number","description":"Identifier of the GPG key.@EXAMPLE","description_kind":"plain","computed":true},"id":{"type":"string","description_kind":"plain","optional":true,"computed":true},"label":{"type":"string","description":"@EXAMPLE","description_kind":"plain","computed":true},"name":{"type":"string","description":"Product name.@EXAMPLE \"Debian 10\"","description_kind":"plain","required":true},"sync_plan_id":{"type":"number","description":"Plan numeric identifier.@EXAMPLE","description_kind":"plain","computed":true}},"description_kind":"plain"}},"foreman_katello_repository":{"version":0,"block":{"attributes":{"__meta__":{"type":"bool","description":"@SUMMARY Repository","description_kind":"plain","computed":true},"ansible_collection_requirements":{"type":"string","description":"Contents of requirement yaml file to sync from URL.@EXAMPLE","description_kind":"plain","computed":true},"checksum_type":{"type":"string","description":"Checksum of the repository, currently 'sha1' \u0026 'sha256' are supported@EXAMPLE \"sha256\"","description_kind":"plain","computed":true},"content_type":{"type":"string","description":"Product the repository belongs to. Valid values include:`\"deb\"`, \"docker\"`, \"file\"`, \"puppet\"`, \"yum\"`.@EXAMPLE \"yum\"","description_kind":"plain","computed":true},"deb_architectures":{"type":"string","description":"Comma separated list of architectures to be synched from deb-archive.@EXAMPLE","description_kind":"plain","computed":true},"deb_components":{"type":"string","description":"Comma separated list of repo components to be synched from deb-archive.@EXAMPLE","description_kind":"plain","computed":true},"deb_releases":{"type":"string","description":"Comma separated list of releases to be synched from deb-archive.@EXAMPLE","description_kind":"plain","computed":true},"description":{"type":"string","description":"Repository description.@EXAMPLE \"A repository description\"","description_kind":"plain","computed":true},"docker_tags_whitelist":{"type":"string","description":"Comma separated list of tags to sync for Container Image repository.@EXAMPLE","description_kind":"plain","computed":true},"docker_upstream_name":{"type":"string","description":"Name of the upstream docker repository@EXAMPLE","description_kind":"plain","computed":true},"download_concurrency":{"type":"number","description":"Used to determine download concurrency of the repository in pulp3. Use value less than 20. Defaults to 10@EXAMPLE","description_kind":"plain","computed":true},"download_policy":{"type":"string","description":"Product the repository belongs to. Valid values include:`\"immediate\"`, \"on_demand\"`, \"background\"`.@EXAMPLE \"immediate\"","description_kind":"plain","computed":true},"gpg_key_id":{"type":"number","description":"Identifier of the GPG key.@EXAMPLE","description_kind":"plain","computed":true},"http_proxy_id":{"type":"number","description":"ID of a HTTP Proxy.@EXAMPLE","description_kind":"plain","computed":true},"http_proxy_policy":{"type":"string","description":"Policies for HTTP proxy for content sync. Valid values include:`\"global_default_http_proxy\"`, \"none\"`, \"use_selected_http_proxy\"`.@EXAMPLE \"global_default_http_proxy\"","description_kind":"plain","computed":true},"id":{"type":"string","description_kind":"plain","optional":true,"computed":true},"ignorable_content":{"type":"string","description":"List of content units to ignore while syncing a yum repository. Must be subset of rpm,drpm,srpm,distribution,erratum@EXAMPLE","description_kind":"plain","computed":true},"ignore_global_proxy":{"type":"bool","description":"If true, will ignore the globally configured proxy when syncing.@EXAMPLE true","description_kind":"plain","computed":true},"label":{"type":"string","description":"@EXAMPLE","description_kind":"plain","computed":true},"mirror_on_sync":{"type":"bool","description":"true if this repository when synced has to be mirrored from the source and stale rpms removed.@EXAMPLE true","description_kind":"plain","computed":true},"name":{"type":"string","description":"Repository name.@EXAMPLE \"centos7-base\"","description_kind":"plain","required":true},"product_id":{"type":"number","description":"Product the repository belongs to.@EXAMPLE","description_kind":"plain","computed":true},"unprotected":{"type":"bool","description":"true if this repository can be published via HTTP.@EXAMPLE true","description_kind":"plain","computed":true},"upstream_password":{"type":"string","description":"Password of the upstream repository user used for authentication.@EXAMPLE \"S3cr3t123!\"","description_kind":"plain","computed":true},"upstream_username":{"type":"string","description":"Username of the upstream repository user used for authentication.@EXAMPLE \"admin\"","description_kind":"plain","computed":true},"url":{"type":"string","description":"Repository source url.@EXAMPLE \"http://mirror.centos.org/centos/7/os/x86_64/\"","description_kind":"plain","computed":true},"verify_ssl_on_sync":{"type":"bool","description":"If true, Katello will verify the upstream url's SSL certifcates are signed by a trusted CA.@EXAMPLE true","description_kind":"plain","computed":true}},"description_kind":"plain"}},"foreman_katello_sync_plan":{"version":0,"block":{"attributes":{"__meta__":{"type":"bool","description":"@SUMMARY A sync plan is used to schedule a synchronization of a product in katello","description_kind":"plain","computed":true},"cron_expression":{"type":"string","description":"Custom cron logic for sync plan.@EXAMPLE \"*/5 * * * *\"","description_kind":"plain","computed":true},"description":{"type":"string","description":"Sync plan description.@EXAMPLE \"A sync plan description\"","description_kind":"plain","computed":true},"enabled":{"type":"bool","description":"Enables or disables synchronization.@EXAMPLE true","description_kind":"plain","computed":true},"id":{"type":"string","description_kind":"plain","optional":true,"computed":true},"interval":{"type":"string","description":"How often synchronization should run. Valid values include: `\"hourly\"`, `\"daily\"`, `\"weekly\"`,`\"custom cron\"`.@EXAMPLE \"daily\"","description_kind":"plain","computed":true},"name":{"type":"string","description":"sync plan name.@EXAMPLE \"daily\"","description_kind":"plain","required":true},"sync_date":{"type":"string","description":"Start datetime of synchronization.@EXAMPLE \"1970-01-01 00:00:00 UTC\"","description_kind":"plain","computed":true}},"description_kind":"plain"}},"foreman_media":{"version":0,"block":{"attributes":{"__meta__":{"type":"bool","description":"@SUMMARY Remote installation media.","description_kind":"plain","computed":true},"id":{"type":"string","description_kind":"plain","optional":true,"computed":true},"name":{"type":"string","description":"Name of the media. @EXAMPLE \"Debian mirror\"","description_kind":"plain","required":true},"operatingsystem_ids":{"type":["set","number"],"description":"IDs of the operating systems associated with this media.","description_kind":"plain","computed":true},"os_family":{"type":"string","description":"Operating system family. Values include: `\"AIX\"`, `\"Altlinux\"`, `\"Archlinux\"`, `\"Coreos\"`, `\"Debian\"`, `\"Freebsd\"`, `\"Gentoo\"`, `\"Junos\"`, `\"NXOS\"`, `\"Redhat\"`, `\"Solaris\"`, `\"Suse\"`, `\"Windows\"`.","description_kind":"plain","computed":true},"path":{"type":"string","description":"The path to the medium, can be a URL or a valid NFS server (exclusive of the architecture).  For example:\n\nhttp://mirror.centos.org/centos/$version/os/$arch\n\nWhere $arch will be substituted for the host's actual OS architecture and $version, $major, $minor will be substituted for the version of the operating system. \n\nSolaris and Debian media may also use $release. @EXAMPLE \"http://mirror.averse.net/centos/$major.$minor/os/$arch\"","description_kind":"plain","computed":true}},"description_kind":"plain"}},"foreman_model":{"version":0,"block":{"attributes":{"__meta__":{"type":"bool","description":"@SUMMARY Vendor-specific hardware model.","description_kind":"plain","computed":true},"hardware_model":{"type":"string","description":"Name of the specific hardware model.","description_kind":"plain","computed":true},"id":{"type":"string","description_kind":"plain","optional":true,"computed":true},"info":{"type":"string","description":"Additional information about this hardware model.","description_kind":"plain","computed":true},"name":{"type":"string","description":"The name of the hardware model. @EXAMPLE \"PowerEdge C8220\"","description_kind":"plain","required":true},"vendor_class":{"type":"string","description":"Name or class of the hardware vendor.","description_kind":"plain","computed":true}},"description_kind":"plain"}},"foreman_operatingsystem":{"version":0,"block":{"attributes":{"__meta__":{"type":"bool","description":"@SUMMARY Foreman representation of an operating system.","description_kind":"plain","computed":true},"architectures":{"type":["set","number"],"description":"Identifiers of attached architectures","description_kind":"plain","computed":true},"description":{"type":"string","description":"Additional operating system information.","description_kind":"plain","computed":true},"family":{"type":"string","description":"Operating system family. Values include: `\"AIX\"`, `\"Altlinux\"`, `\"Archlinux\"`, `\"Coreos\"`, `\"Debian\"`, `\"Freebsd\"`, `\"Gentoo\"`, `\"Junos\"`, `\"NXOS\"`, `\"Redhat\"`, `\"Solaris\"`, `\"Suse\"`, `\"Windows\"`.","description_kind":"plain","computed":true},"id":{"type":"string","description_kind":"plain","optional":true,"computed":true},"major":{"type":"string","description":"Major release version. @EXAMPLE \"7\"","description_kind":"plain","computed":true},"media":{"type":["set","number"],"description":"Identifiers of attached media","description_kind":"plain","computed":true},"minor":{"type":"string","description":"Minor release version. @EXAMPLE \"4\"","description_kind":"plain","computed":true},"name":{"type":"string","description":"Operating system name. @EXAMPLE \"CentOS\"","description_kind":"plain","computed":true},"parameters":{"type":["map","string"],"description":"A map of parameters that will be saved as operating system parameters in the os config.","description_kind":"plain","computed":true},"partitiontables":{"type":["set","number"],"description":"Identifiers of attached partition tables","description_kind":"plain","computed":true},"password_hash":{"type":"string","description":"Root password hash function to use. Valid values include: `\"MD5\"`, `\"SHA256\"`, `\"SHA512\"`, `\"Base64\"`.","description_kind":"plain","computed":true},"provisioning_templates":{"type":["set","number"],"description":"Identifiers of attached provisioning templates","description_kind":"plain","computed":true},"release_name":{"type":"string","description":"Code name or release name for the specific operating system version.","description_kind":"plain","computed":true},"title":{"type":"string","description":"Title is a Foreman computed property that combines the operating system's name, major, and minor versioning information into a single string. @EXAMPLE \"CentOS 7.5\"","description_kind":"plain","required":true}},"description_kind":"plain"}},"foreman_parameter":{"version":0,"block":{"attributes":{"__meta__":{"type":"bool","description":"@SUMMARY Foreman representation of parameter. Parameters serve as an identification string that defines autonomy, authority, or control for a portion of a network.","description_kind":"plain","computed":true},"domain_id":{"type":"number","description":"ID of the domain to assign this parameter to","description_kind":"plain","computed":true},"host_id":{"type":"number","description":"ID of the host to assign this parameter to","description_kind":"plain","computed":true},"hostgroup_id":{"type":"number","description":"ID of the host group to assign this parameter to","description_kind":"plain","computed":true},"id":{"type":"string","description_kind":"plain","optional":true,"computed":true},"name":{"type":"string","description":"The name of the parameter - the full DNS parameter name. @EXAMPLE \"dev.dc1.company.com\"","description_kind":"plain","required":true},"operatingsystem_id":{"type":"number","description":"ID of the operating system to assign this parameter to","description_kind":"plain","computed":true},"subnet_id":{"type":"number","description":"ID of the subnet to assign this parameter to","description_kind":"plain","computed":true},"value":{"type":"string","description_kind":"plain","computed":true}},"description_kind":"plain"}},"foreman_partitiontable":{"version":0,"block":{"attributes":{"__meta__":{"type":"bool","description":"@SUMMARY The disk partition layout of the host.","description_kind":"plain","computed":true},"audit_comment":{"type":"string","description":"Any audit comments to associate with the partition table. The audit comment field is saved with the template auditing to document the template changes.","description_kind":"plain","computed":true},"host_ids":{"type":["set","number"],"description":"IDs of the hosts associated with this partition table.","description_kind":"plain","computed":true},"hostgroup_ids":{"type":["set","number"],"description":"IDs of the hostgroups associated with this partition table.","description_kind":"plain","computed":true},"id":{"type":"string","description_kind":"plain","optional":true,"computed":true},"layout":{"type":"string","description":"The script that defines the partition table layout. @EXAMPLE \"void\"","description_kind":"plain","computed":true},"locked":{"type":"bool","description":"Whether or not this partition table is locked for editing.","description_kind":"plain","computed":true},"name":{"type":"string","description":"The name of the partition table. @EXAMPLE \"Wayfair CentOS 7\"","description_kind":"plain","required":true},"operatingsystem_ids":{"type":["set","number"],"description":"IDs of the operating system associated with this partition table.","description_kind":"plain","computed":true},"os_family":{"type":"string","description":"Operating system family. Values include: `\"AIX\"`, `\"Altlinux\"`, `\"Archlinux\"`, `\"Coreos\"`, `\"Debian\"`, `\"Freebsd\"`, `\"Gentoo\"`, `\"Junos\"`, `\"NXOS\"`, `\"Redhat\"`, `\"Solaris\"`, `\"Suse\"`, `\"Windows\"`.","description_kind":"plain","computed":true},"snippet":{"type":"bool","description":"Whether or not this partition table is a snippet to be embedded in other partition tables.","description_kind":"plain","computed":true}},"description_kind":"plain"}},"foreman_provisioningtemplate":{"version":0,"block":{"attributes":{"__meta__":{"type":"bool","description":"@SUMMARY Provisioning templates are scripts used to describe how to bootstrap and install the operating system on the host.","description_kind":"plain","computed":true},"audit_comment":{"type":"string","description":"Notes and comments for auditing purposes.","description_kind":"plain","computed":true},"id":{"type":"string","description_kind":"plain","optional":true,"computed":true},"locked":{"type":"bool","description":"Whether or not the template is locked for editing.","description_kind":"plain","computed":true},"name":{"type":"string","description":"The name of the provisioning template. @EXAMPLE \"ESXi 6.0 Kickstart - BO1\"","description_kind":"plain","required":true},"operatingsystem_ids":{"type":["set","number"],"description":"IDs of the operating systems associated with this provisioning template.","description_kind":"plain","computed":true},"snippet":{"type":"bool","description":"Whether or not the provisioning template is a snippet be used by other templates.","description_kind":"plain","computed":true},"template":{"type":"string","description":"The markup and code of the provisioning template. @EXAMPLE \"void\"","description_kind":"plain","computed":true},"template_combinations_attributes":{"type":["set",["object",{"environment_id":"number","hostgroup_id":"number","id":"number"}]],"description":"How templates are determined:\n\nWhen editing a template, you must assign a list of operating systems which this template can be used with.  Optionally, you can restrict a template to a list of host groups and/or environments.\n\nWhen a host requests a template, Foreman will select the best match from the available templates of that type in the following order:\n\n  1. host group and environment\n  2. host group only\n  3. environment only\n  4. operating system default\n\nTemplate combinations attributes contains an array of hostgroup IDs and environment ID combinations so they can be used in the provisioning template selection described above.","description_kind":"plain","computed":true},"template_kind_id":{"type":"number","description":"ID of the template kind which categorizes the provisioning template. Optional for snippets, otherwise required.","description_kind":"plain","computed":true}},"description_kind":"plain"}},"foreman_smartproxy":{"version":0,"block":{"attributes":{"__meta__":{"type":"bool","description":"@SUMMARY Smart proxies provide an API for a higher-level orchestration tool. Foreman supports the following smart proxies: DHCP (ISC DHCP \u0026 MS DHCP servers), DNS (bind \u0026 MS DNS servers), Puppet \u003e= 0.24.x, Puppet CA, Realm (FreeIPA), Templates, TFTP.","description_kind":"plain","computed":true},"id":{"type":"string","description_kind":"plain","optional":true,"computed":true},"name":{"type":"string","description":"The name of the smart proxy. @EXAMPLE \"dns.dc1.company.com\"","description_kind":"plain","required":true},"url":{"type":"string","description":"Uniform resource locator of the proxy. @EXAMPLE \"https://dns.dc1.company.com:8443\"","description_kind":"plain","computed":true}},"description_kind":"plain"}},"foreman_subnet":{"version":0,"block":{"attributes":{"__meta__":{"type":"bool","description":"@SUMMARY Foreman representation of a subnetwork.","description_kind":"plain","computed":true},"boot_mode":{"type":"string","description":"Default boot mode for instances assigned to this subnet. Values include: `\"Static\"`, `\"DHCP\"`.","description_kind":"plain","computed":true},"dhcp_id":{"type":"number","description":"DHCP Proxy ID to use within this subnet","description_kind":"plain","computed":true},"dns_primary":{"type":"string","description":"Primary DNS server for this subnet.","description_kind":"plain","computed":true},"dns_secondary":{"type":"string","description":"Secondary DNS sever for this subnet.","description_kind":"plain","computed":true},"domain_ids":{"type":["set","number"],"description":"Domains in which this subnet is part","description_kind":"plain","computed":true},"from":{"type":"string","description":"Start IP address for IP auto suggestion.","description_kind":"plain","computed":true},"gateway":{"type":"string","description":"Gateway server to use when connecting/communicating to anything not on the same network.","description_kind":"plain","computed":true},"httpboot_id":{"type":"number","description":"HTTPBoot Proxy ID to use within this subnet","description_kind":"plain","computed":true},"id":{"type":"string","description_kind":"plain","optional":true,"computed":true},"ipam":{"type":"string","description":"IP address auto-suggestion for this subnet. Valid values include: `\"DHCP\"`, `\"Internal DB\"`, `\"Random DB\"`,`\"None\"`.","description_kind":"plain","computed":true},"mask":{"type":"string","description":"Netmask for this subnet. @EXAMPLE \"255.255.255.0\"","description_kind":"plain","computed":true},"mtu":{"type":"number","description":"MTU value for the subnet","description_kind":"plain","computed":true},"name":{"type":"string","description":"Name of a subnetwork. @EXAMPLE \"public\"","description_kind":"plain","optional":true},"network":{"type":"string","description":"Subnet network. @EXAMPLE \"10.228.247.0\"","description_kind":"plain","optional":true},"network_address":{"type":"string","description":"The Subnets CIDR in the format 169.254.0.0/16","description_kind":"plain","computed":true},"network_type":{"type":"string","description":"Type or protocol, IPv4 or IPv6, defaults to IPv4.","description_kind":"plain","computed":true},"template_id":{"type":"number","description":"Template HTTP(S) Proxy ID to use within this subnet","description_kind":"plain","computed":true},"tftp_id":{"type":"number","description":"TFTP Proxy ID to use within this subnet","description_kind":"plain","computed":true},"to":{"type":"string","description":"Ending IP address for IP auto suggestion.","description_kind":"plain","computed":true},"vlanid":{"type":"number","description":"VLAN id that is in use in the subnet","description_kind":"plain","computed":true}},"description_kind":"plain"}},"foreman_templatekind":{"version":0,"block":{"attributes":{"id":{"type":"string","description_kind":"plain","optional":true,"computed":true},"name":{"type":"string","description":"Type of template. @EXAMPLE \"PXELinux\"","description_kind":"plain","required":true}},"description_kind":"plain"}},"foreman_user":{"version":0,"block":{"attributes":{"__meta__":{"type":"bool","description":"@SUMMARY User can be used to allow access to foreman.","description_kind":"plain","computed":true},"admin":{"type":"bool","description":"If the user is allow admin privileges","description_kind":"plain","computed":true},"auth_source_id":{"type":"number","description":"Set the authentication source, i.e internal (1,default) or external (2)","description_kind":"plain","computed":true},"default_location_id":{"type":"number","description":"Default location for the user, if empty takes global default","description_kind":"plain","computed":true},"default_organization_id":{"type":"number","description":"Default organization for the user, if empty takes global default","description_kind":"plain","computed":true},"description":{"type":"string","description":"User description. @EXAMPLE \"api user\"","description_kind":"plain","optional":true},"firstname":{"type":"string","description":"Firstname of the user.@EXAMPLE \"Louis\"","description_kind":"plain","optional":true},"id":{"type":"string","description_kind":"plain","optional":true,"computed":true},"lastname":{"type":"string","description":"Lastname of the user.@EXAMPLE \"Jansens\"","description_kind":"plain","optional":true},"locale":{"type":"string","description":"Sets the timezone/location of a user","description_kind":"plain","computed":true},"location_ids":{"type":["set","number"],"description":"List of all locations a user has access to","description_kind":"plain","computed":true},"login":{"type":"string","description":"loginname of the user.@EXAMPLE \"username\"","description_kind":"plain","optional":true},"mail":{"type":"string","description":"email of the user.@EXAMPLE \"test@example.com\"","description_kind":"plain","optional":true},"organization_ids":{"type":["set","number"],"description":"List of all organizations a user has access to","description_kind":"plain","computed":true},"password":{"type":"string","description":"Password of user, required if auth_source_id is 1 (internal)","description_kind":"plain","computed":true}},"description_kind":"plain"}},"foreman_usergroup":{"version":0,"block":{"attributes":{"__meta__":{"type":"bool","description":"@SUMMARY Usergroups can be used to organize permissions and ownership of the hosts.","description_kind":"plain","computed":true},"admin":{"type":"bool","description":"Is an admin user group.@EXAMPLE true","description_kind":"plain","computed":true},"id":{"type":"string","description_kind":"plain","optional":true,"computed":true},"name":{"type":"string","description":"The name of the usergroup.@EXAMPLE \"my_usergroup\"","description_kind":"plain","required":true}},"description_kind":"plain"}}}}}}
