{"format_version":"0.2","provider_schemas":{"registry.terraform.io/hansadema/cobbler":{"provider":{"version":0,"block":{"attributes":{"cacert_file":{"type":"string","description":"The path or contents of an SSL CA certificate","description_kind":"plain","optional":true},"insecure":{"type":"bool","description":"Ignore SSL certificate warnings and errors.","description_kind":"plain","optional":true},"password":{"type":"string","description":"The password for accessing Cobbler.","description_kind":"plain","required":true},"url":{"type":"string","description":"Cobbler URL","description_kind":"plain","required":true},"username":{"type":"string","description":"The username for accessing Cobbler.","description_kind":"plain","required":true}},"description_kind":"plain"}},"resource_schemas":{"cobbler_distro":{"version":0,"block":{"attributes":{"arch":{"type":"string","description_kind":"plain","optional":true,"computed":true},"boot_files":{"type":"string","description_kind":"plain","optional":true,"computed":true},"boot_loader":{"type":"string","description_kind":"plain","optional":true,"computed":true},"breed":{"type":"string","description_kind":"plain","required":true},"comment":{"type":"string","description_kind":"plain","optional":true,"computed":true},"fetchable_files":{"type":"string","description_kind":"plain","optional":true,"computed":true},"id":{"type":"string","description_kind":"plain","optional":true,"computed":true},"initrd":{"type":"string","description_kind":"plain","required":true},"kernel":{"type":"string","description_kind":"plain","required":true},"kernel_options":{"type":"string","description_kind":"plain","optional":true,"computed":true},"kernel_options_post":{"type":"string","description_kind":"plain","optional":true,"computed":true},"mgmt_classes":{"type":["list","string"],"description_kind":"plain","optional":true,"computed":true},"name":{"type":"string","description_kind":"plain","required":true},"os_version":{"type":"string","description_kind":"plain","required":true},"owners":{"type":["list","string"],"description_kind":"plain","optional":true,"computed":true},"redhat_management_key":{"type":"string","description_kind":"plain","optional":true,"computed":true},"template_files":{"type":"string","description_kind":"plain","optional":true,"computed":true}},"description_kind":"plain"}},"cobbler_profile":{"version":0,"block":{"attributes":{"autoinstall":{"type":"string","description_kind":"plain","optional":true,"computed":true},"autoinstall_meta":{"type":"string","description_kind":"plain","optional":true,"computed":true},"boot_files":{"type":"string","description_kind":"plain","optional":true,"computed":true},"comment":{"type":"string","description_kind":"plain","optional":true,"computed":true},"dhcp_tag":{"type":"string","description_kind":"plain","optional":true},"distro":{"type":"string","description_kind":"plain","required":true},"enable_gpxe":{"type":"bool","description_kind":"plain","optional":true,"computed":true},"enable_menu":{"type":"bool","description_kind":"plain","optional":true,"computed":true},"fetchable_files":{"type":"string","description_kind":"plain","optional":true,"computed":true},"id":{"type":"string","description_kind":"plain","optional":true,"computed":true},"kernel_options":{"type":"string","description_kind":"plain","optional":true,"computed":true},"kernel_options_post":{"type":"string","description_kind":"plain","optional":true,"computed":true},"mgmt_classes":{"type":["list","string"],"description_kind":"plain","optional":true,"computed":true},"mgmt_parameters":{"type":"string","description_kind":"plain","optional":true,"computed":true},"name":{"type":"string","description_kind":"plain","required":true},"name_servers":{"type":["list","string"],"description_kind":"plain","optional":true,"computed":true},"name_servers_search":{"type":["list","string"],"description_kind":"plain","optional":true,"computed":true},"next_server":{"type":"string","description_kind":"plain","optional":true,"computed":true},"owners":{"type":["list","string"],"description_kind":"plain","optional":true,"computed":true},"parent":{"type":"string","description_kind":"plain","optional":true,"computed":true},"proxy":{"type":"string","description_kind":"plain","optional":true,"computed":true},"redhat_management_key":{"type":"string","description_kind":"plain","optional":true,"computed":true},"repos":{"type":["list","string"],"description_kind":"plain","optional":true,"computed":true},"server":{"type":"string","description_kind":"plain","optional":true,"computed":true},"template_files":{"type":"string","description_kind":"plain","optional":true,"computed":true},"virt_auto_boot":{"type":"string","description_kind":"plain","optional":true,"computed":true},"virt_bridge":{"type":"string","description_kind":"plain","optional":true,"computed":true},"virt_cpus":{"type":"string","description_kind":"plain","optional":true,"computed":true},"virt_disk_driver":{"type":"string","description_kind":"plain","optional":true,"computed":true},"virt_file_size":{"type":"string","description_kind":"plain","optional":true,"computed":true},"virt_path":{"type":"string","description_kind":"plain","optional":true,"computed":true},"virt_ram":{"type":"string","description_kind":"plain","optional":true,"computed":true},"virt_type":{"type":"string","description_kind":"plain","optional":true,"computed":true}},"description_kind":"plain"}},"cobbler_repo":{"version":0,"block":{"attributes":{"apt_components":{"type":["list","string"],"description_kind":"plain","optional":true,"computed":true},"apt_dists":{"type":["list","string"],"description_kind":"plain","optional":true,"computed":true},"arch":{"type":"string","description_kind":"plain","optional":true,"computed":true},"breed":{"type":"string","description_kind":"plain","required":true},"comment":{"type":"string","description_kind":"plain","optional":true,"computed":true},"createrepo_flags":{"type":"string","description_kind":"plain","optional":true,"computed":true},"environment":{"type":"string","description_kind":"plain","optional":true,"computed":true},"id":{"type":"string","description_kind":"plain","optional":true,"computed":true},"keep_updated":{"type":"bool","description_kind":"plain","optional":true,"computed":true},"mirror":{"type":"string","description_kind":"plain","required":true},"mirror_locally":{"type":"bool","description_kind":"plain","optional":true,"computed":true},"name":{"type":"string","description_kind":"plain","required":true},"owners":{"type":["list","string"],"description_kind":"plain","optional":true,"computed":true},"proxy":{"type":"string","description_kind":"plain","optional":true,"computed":true},"rpm_list":{"type":["list","string"],"description_kind":"plain","optional":true,"computed":true}},"description_kind":"plain"}},"cobbler_snippet":{"version":0,"block":{"attributes":{"body":{"type":"string","description_kind":"plain","required":true},"id":{"type":"string","description_kind":"plain","optional":true,"computed":true},"name":{"type":"string","description_kind":"plain","required":true}},"description_kind":"plain"}},"cobbler_system":{"version":0,"block":{"attributes":{"autoinstall":{"type":"string","description_kind":"plain","optional":true,"computed":true},"autoinstall_meta":{"type":"string","description_kind":"plain","optional":true,"computed":true},"boot_files":{"type":"string","description_kind":"plain","optional":true,"computed":true},"boot_loader":{"type":"string","description_kind":"plain","optional":true,"computed":true},"comment":{"type":"string","description_kind":"plain","optional":true,"computed":true},"enable_gpxe":{"type":"bool","description_kind":"plain","optional":true,"computed":true},"fetchable_files":{"type":"string","description_kind":"plain","optional":true,"computed":true},"gateway":{"type":"string","description_kind":"plain","optional":true,"computed":true},"hostname":{"type":"string","description_kind":"plain","optional":true,"computed":true},"id":{"type":"string","description_kind":"plain","optional":true,"computed":true},"image":{"type":"string","description_kind":"plain","optional":true,"computed":true},"ipv6_default_device":{"type":"string","description_kind":"plain","optional":true,"computed":true},"kernel_options":{"type":"string","description_kind":"plain","optional":true,"computed":true},"kernel_options_post":{"type":"string","description_kind":"plain","optional":true,"computed":true},"mgmt_classes":{"type":["list","string"],"description_kind":"plain","optional":true,"computed":true},"mgmt_parameters":{"type":"string","description_kind":"plain","optional":true,"computed":true},"name":{"type":"string","description_kind":"plain","required":true},"name_servers":{"type":["list","string"],"description_kind":"plain","optional":true,"computed":true},"name_servers_search":{"type":["list","string"],"description_kind":"plain","optional":true,"computed":true},"netboot_enabled":{"type":"bool","description_kind":"plain","optional":true,"computed":true},"next_server":{"type":"string","description_kind":"plain","optional":true,"computed":true},"owners":{"type":["list","string"],"description_kind":"plain","optional":true,"computed":true},"power_address":{"type":"string","description_kind":"plain","optional":true,"computed":true},"power_id":{"type":"string","description_kind":"plain","optional":true,"computed":true},"power_pass":{"type":"string","description_kind":"plain","optional":true,"computed":true},"power_type":{"type":"string","description_kind":"plain","optional":true,"computed":true},"power_user":{"type":"string","description_kind":"plain","optional":true,"computed":true},"profile":{"type":"string","description_kind":"plain","required":true},"proxy":{"type":"string","description_kind":"plain","optional":true,"computed":true},"redhat_management_key":{"type":"string","description_kind":"plain","optional":true,"computed":true},"status":{"type":"string","description_kind":"plain","optional":true,"computed":true},"template_files":{"type":"string","description_kind":"plain","optional":true,"computed":true},"virt_auto_boot":{"type":"string","description_kind":"plain","optional":true,"computed":true},"virt_cpus":{"type":"string","description_kind":"plain","optional":true,"computed":true},"virt_disk_driver":{"type":"string","description_kind":"plain","optional":true,"computed":true},"virt_file_size":{"type":"string","description_kind":"plain","optional":true,"computed":true},"virt_path":{"type":"string","description_kind":"plain","optional":true,"computed":true},"virt_pxe_boot":{"type":"number","description_kind":"plain","optional":true,"computed":true},"virt_ram":{"type":"string","description_kind":"plain","optional":true,"computed":true},"virt_type":{"type":"string","description_kind":"plain","optional":true,"computed":true}},"block_types":{"interface":{"nesting_mode":"set","block":{"attributes":{"bonding_opts":{"type":"string","description_kind":"plain","optional":true,"computed":true},"bridge_opts":{"type":"string","description_kind":"plain","optional":true,"computed":true},"cnames":{"type":["list","string"],"description_kind":"plain","optional":true,"computed":true},"dhcp_tag":{"type":"string","description_kind":"plain","optional":true,"computed":true},"dns_name":{"type":"string","description_kind":"plain","optional":true,"computed":true},"gateway":{"type":"string","description_kind":"plain","optional":true,"computed":true},"interface_master":{"type":"string","description_kind":"plain","optional":true,"computed":true},"interface_type":{"type":"string","description_kind":"plain","optional":true,"computed":true},"ip_address":{"type":"string","description_kind":"plain","optional":true,"computed":true},"ipv6_address":{"type":"string","description_kind":"plain","optional":true,"computed":true},"ipv6_default_gateway":{"type":"string","description_kind":"plain","optional":true,"computed":true},"ipv6_mtu":{"type":"string","description_kind":"plain","optional":true,"computed":true},"ipv6_secondaries":{"type":["list","string"],"description_kind":"plain","optional":true,"computed":true},"ipv6_static_routes":{"type":["list","string"],"description_kind":"plain","optional":true,"computed":true},"mac_address":{"type":"string","description_kind":"plain","optional":true,"computed":true},"management":{"type":"bool","description_kind":"plain","optional":true,"computed":true},"name":{"type":"string","description_kind":"plain","required":true},"netmask":{"type":"string","description_kind":"plain","optional":true,"computed":true},"static":{"type":"bool","description_kind":"plain","optional":true,"computed":true},"static_routes":{"type":["list","string"],"description_kind":"plain","optional":true,"computed":true},"virt_bridge":{"type":"string","description_kind":"plain","optional":true,"computed":true}},"description_kind":"plain"}}},"description_kind":"plain"}},"cobbler_template_file":{"version":0,"block":{"attributes":{"body":{"type":"string","description_kind":"plain","required":true},"id":{"type":"string","description_kind":"plain","optional":true,"computed":true},"name":{"type":"string","description_kind":"plain","required":true}},"description_kind":"plain"}}}}}}
