{"format_version":"0.2","provider_schemas":{"registry.terraform.io/harvester/harvester":{"provider":{"version":0,"block":{"attributes":{"kubeconfig":{"type":"string","description":"harvester kubeconfig","description_kind":"plain","optional":true}},"description_kind":"plain"}},"resource_schemas":{"harvester_clusternetwork":{"version":0,"block":{"attributes":{"default_physical_nic":{"type":"string","description_kind":"plain","optional":true},"description":{"type":"string","description":"Any text you want that better describes this resource","description_kind":"plain","optional":true},"enable":{"type":"bool","description_kind":"plain","required":true},"id":{"type":"string","description_kind":"plain","optional":true,"computed":true},"name":{"type":"string","description":"A unique name","description_kind":"plain","required":true},"state":{"type":"string","description_kind":"plain","computed":true},"tags":{"type":["map","string"],"description_kind":"plain","optional":true}},"description_kind":"plain"}},"harvester_image":{"version":0,"block":{"attributes":{"description":{"type":"string","description":"Any text you want that better describes this resource","description_kind":"plain","optional":true},"display_name":{"type":"string","description_kind":"plain","required":true},"id":{"type":"string","description_kind":"plain","optional":true,"computed":true},"name":{"type":"string","description":"A unique name","description_kind":"plain","required":true},"namespace":{"type":"string","description_kind":"plain","optional":true},"progress":{"type":"number","description_kind":"plain","computed":true},"size":{"type":"number","description_kind":"plain","computed":true},"source_type":{"type":"string","description_kind":"plain","required":true},"state":{"type":"string","description_kind":"plain","computed":true},"storage_class_name":{"type":"string","description_kind":"plain","computed":true},"tags":{"type":["map","string"],"description_kind":"plain","optional":true},"url":{"type":"string","description":"supports the `raw` and `qcow2` image formats which are supported by [qemu](https://www.qemu.org/docs/master/system/images.html#disk-image-file-formats). Bootable ISO images can also be used and are treated like `raw` images.","description_kind":"plain","optional":true}},"description_kind":"plain"}},"harvester_network":{"version":0,"block":{"attributes":{"config":{"type":"string","description_kind":"plain","optional":true,"computed":true},"description":{"type":"string","description":"Any text you want that better describes this resource","description_kind":"plain","optional":true},"id":{"type":"string","description_kind":"plain","optional":true,"computed":true},"name":{"type":"string","description":"A unique name","description_kind":"plain","required":true},"namespace":{"type":"string","description_kind":"plain","optional":true},"state":{"type":"string","description_kind":"plain","computed":true},"tags":{"type":["map","string"],"description_kind":"plain","optional":true},"vlan_id":{"type":"number","description":"eg.1-4094","description_kind":"plain","required":true}},"description_kind":"plain"}},"harvester_ssh_key":{"version":0,"block":{"attributes":{"description":{"type":"string","description":"Any text you want that better describes this resource","description_kind":"plain","optional":true},"fingerprint":{"type":"string","description_kind":"plain","computed":true},"id":{"type":"string","description_kind":"plain","optional":true,"computed":true},"name":{"type":"string","description":"A unique name","description_kind":"plain","required":true},"namespace":{"type":"string","description_kind":"plain","optional":true},"public_key":{"type":"string","description_kind":"plain","required":true},"state":{"type":"string","description_kind":"plain","computed":true},"tags":{"type":["map","string"],"description_kind":"plain","optional":true}},"description_kind":"plain"}},"harvester_virtualmachine":{"version":0,"block":{"attributes":{"cpu":{"type":"number","description_kind":"plain","optional":true},"description":{"type":"string","description":"Any text you want that better describes this resource","description_kind":"plain","optional":true},"hostname":{"type":"string","description_kind":"plain","optional":true,"computed":true},"id":{"type":"string","description_kind":"plain","optional":true,"computed":true},"machine_type":{"type":"string","description_kind":"plain","optional":true,"computed":true},"memory":{"type":"string","description_kind":"plain","optional":true},"name":{"type":"string","description":"A unique name","description_kind":"plain","required":true},"namespace":{"type":"string","description_kind":"plain","optional":true},"node_name":{"type":"string","description_kind":"plain","computed":true},"ssh_keys":{"type":["list","string"],"description_kind":"plain","optional":true},"start":{"type":"bool","description_kind":"plain","optional":true},"state":{"type":"string","description_kind":"plain","computed":true},"tags":{"type":["map","string"],"description_kind":"plain","optional":true}},"block_types":{"cloudinit":{"nesting_mode":"list","block":{"attributes":{"network_data":{"type":"string","description_kind":"plain","optional":true},"network_data_base64":{"type":"string","description_kind":"plain","optional":true},"network_data_secret_name":{"type":"string","description_kind":"plain","optional":true},"type":{"type":"string","description_kind":"plain","optional":true},"user_data":{"type":"string","description_kind":"plain","optional":true},"user_data_base64":{"type":"string","description_kind":"plain","optional":true},"user_data_secret_name":{"type":"string","description_kind":"plain","optional":true}},"description_kind":"plain"},"max_items":1},"disk":{"nesting_mode":"list","block":{"attributes":{"access_mode":{"type":"string","description_kind":"plain","optional":true,"computed":true},"auto_delete":{"type":"bool","description_kind":"plain","optional":true,"computed":true},"boot_order":{"type":"number","description_kind":"plain","optional":true},"bus":{"type":"string","description_kind":"plain","optional":true,"computed":true},"container_image_name":{"type":"string","description_kind":"plain","optional":true},"existing_volume_name":{"type":"string","description_kind":"plain","optional":true},"image":{"type":"string","description_kind":"plain","optional":true},"name":{"type":"string","description_kind":"plain","required":true},"size":{"type":"string","description_kind":"plain","optional":true},"storage_class_name":{"type":"string","description_kind":"plain","optional":true,"computed":true},"type":{"type":"string","description_kind":"plain","optional":true},"volume_mode":{"type":"string","description_kind":"plain","optional":true,"computed":true},"volume_name":{"type":"string","description_kind":"plain","optional":true,"computed":true}},"description_kind":"plain"},"min_items":1},"network_interface":{"nesting_mode":"list","block":{"attributes":{"interface_name":{"type":"string","description_kind":"plain","computed":true},"ip_address":{"type":"string","description_kind":"plain","computed":true},"mac_address":{"type":"string","description_kind":"plain","optional":true,"computed":true},"model":{"type":"string","description_kind":"plain","optional":true},"name":{"type":"string","description_kind":"plain","required":true},"network_name":{"type":"string","description_kind":"plain","optional":true},"type":{"type":"string","description_kind":"plain","optional":true,"computed":true}},"description_kind":"plain"},"min_items":1}},"description_kind":"plain"}},"harvester_volume":{"version":0,"block":{"attributes":{"access_mode":{"type":"string","description_kind":"plain","optional":true},"attached_vm":{"type":"string","description_kind":"plain","computed":true},"description":{"type":"string","description":"Any text you want that better describes this resource","description_kind":"plain","optional":true},"id":{"type":"string","description_kind":"plain","optional":true,"computed":true},"image":{"type":"string","description_kind":"plain","optional":true},"name":{"type":"string","description":"A unique name","description_kind":"plain","required":true},"namespace":{"type":"string","description_kind":"plain","optional":true},"phase":{"type":"string","description_kind":"plain","computed":true},"size":{"type":"string","description_kind":"plain","optional":true},"state":{"type":"string","description_kind":"plain","computed":true},"storage_class_name":{"type":"string","description_kind":"plain","optional":true,"computed":true},"tags":{"type":["map","string"],"description_kind":"plain","optional":true},"volume_mode":{"type":"string","description_kind":"plain","optional":true}},"description_kind":"plain"}}}}}}
