{"format_version":"0.2","provider_schemas":{"registry.terraform.io/haveyoudebuggedit/ovirt":{"provider":{"version":0,"block":{"attributes":{"extra_headers":{"type":["map","string"],"description":"Additional HTTP headers to set on each API call.","description_kind":"markdown","optional":true},"mock":{"type":"bool","description":"When set to true, the Terraform provider runs against an internal simulation. This should only be used for testing when an oVirt engine is not available as the mock backend does not persist state across runs. When set to false, one of the tls_ options is required.","description_kind":"markdown","optional":true},"password":{"type":"string","description":"Password for oVirt authentication. Required when mock = false.","description_kind":"markdown","optional":true,"sensitive":true},"tls_ca_bundle":{"type":"string","description":"Validate the Engine certificate against the provided CA certificates. The certificate chain passed should be in PEM format. Can be used in parallel with other tls_ options, one tls_ option is required when mock = false.","description_kind":"markdown","optional":true},"tls_ca_dirs":{"type":["list","string"],"description":"Validate the engine certificate against the CA certificates provided in the specified directories. The directory should contain only files with certificates in PEM format. Can be used in parallel with other tls_ options, one tls_ option is required when mock = false.","description_kind":"markdown","optional":true},"tls_ca_files":{"type":["list","string"],"description":"Validate the Engine certificate against the CA certificates provided in the files in this parameter. The files should contain certificates in PEM format. Can be used in parallel with other tls_ options, one tls_ option is required when mock = false.","description_kind":"markdown","optional":true},"tls_insecure":{"type":"bool","description":"Disable certificate verification when connecting the Engine. This is not recommended. Setting this option is incompatible with other tls_ options.","description_kind":"markdown","optional":true},"tls_system":{"type":"bool","description":"Use the system certificate pool to verify the Engine certificate. This does not work on Windows. Can be used in parallel with other tls_ options, one tls_ option is required when mock = false.","description_kind":"markdown","optional":true},"url":{"type":"string","description":"URL for the oVirt engine. Required when mock = false.","description_kind":"markdown","optional":true},"username":{"type":"string","description":"Username and realm for oVirt authentication. Required when mock = false.","description_kind":"markdown","optional":true}},"description_kind":"plain"}},"resource_schemas":{"ovirt_disk":{"version":0,"block":{"attributes":{"alias":{"type":"string","description":"Human-readable alias for the disk.","description_kind":"markdown","optional":true},"format":{"type":"string","description":"Format for the disk. One of: `cow`, `raw`","description_kind":"markdown","required":true},"id":{"type":"string","description_kind":"plain","computed":true},"size":{"type":"number","description":"Disk size in bytes.","description_kind":"markdown","required":true},"sparse":{"type":"bool","description":"Use sparse provisioning for disk.","description_kind":"markdown","optional":true},"status":{"type":"string","description":"Status of the disk. One of: `down`, `image_locked`, `migrating`, `not_responding`, `paused`, `powering_down`, `powering_up`, `reboot_in_progress`, `restoring_state`, `saving_state`, `suspended`, `unassigned`, `unknown`, `up`, `wait_for_launch`.","description_kind":"markdown","computed":true},"storagedomain_id":{"type":"string","description":"ID of the storage domain to use for disk creation.","description_kind":"markdown","required":true},"total_size":{"type":"number","description":"Size of the actual image size on the disk in bytes.","description_kind":"markdown","computed":true}},"description":"The ovirt_disk resource creates disks in oVirt.","description_kind":"markdown"}},"ovirt_disk_attachment":{"version":0,"block":{"attributes":{"disk_id":{"type":"string","description":"ID of the disk to attach. This disk must either be shared or not yet attached to a different VM.","description_kind":"markdown","required":true},"disk_interface":{"type":"string","description":"Type of interface to use for attaching disk. One of: `ide`, `sata`, `spapr_vscsi`, `virtio`, `virtio_scsi`.","description_kind":"markdown","required":true},"id":{"type":"string","description_kind":"plain","computed":true},"vm_id":{"type":"string","description":"ID of the VM the disk should be attached to.","description_kind":"markdown","required":true}},"description":"The ovirt_disk_attachment resource attaches a single disk to a single VM. For controlling multiple attachments use ovirt_disk_attachments.\n\n~\u003e Do not use this resource when using ovirt_disk_attachments (plural) on the same VM as it will cause a ping-pong effect of resources being created and removed on each run.","description_kind":"markdown"}},"ovirt_disk_attachments":{"version":0,"block":{"attributes":{"detach_unmanaged":{"type":"bool","description":"Detach unmanaged disks from the VM. This is useful for detaching disks that have been inherited from the template or added manually. The detached disks will not be removed and can be used. To remove the disks instead, use `remove_unmanaged`.","description_kind":"markdown","optional":true},"id":{"type":"string","description":"Meta-identifier for the disk attachments. Will always be the same as the VM ID after apply.","description_kind":"markdown","computed":true},"remove_unmanaged":{"type":"bool","description":"Completely remove attached disks that are not listed in this resources. This is useful for removing disks that have been inherited from the template or added manually.\n\n~\u003e Use with care! This option will delete all disks attached to the current VM that are not managed, not just detach them!","description_kind":"markdown","optional":true},"vm_id":{"type":"string","description":"ID of the VM the disks should be attached to.","description_kind":"markdown","required":true}},"block_types":{"attachment":{"nesting_mode":"set","block":{"attributes":{"disk_id":{"type":"string","description":"ID of the disk to attach. This disk must either be shared or not yet attached to a different VM.","description_kind":"markdown","required":true},"disk_interface":{"type":"string","description":"Type of interface to use for attaching disk. One of: `ide`, `sata`, `spapr_vscsi`, `virtio`, `virtio_scsi`.","description_kind":"markdown","required":true},"id":{"type":"string","description_kind":"plain","computed":true}},"description_kind":"plain"},"min_items":1}},"description":"The ovirt_disk_attachments resource attaches multiple disks to a single VM in one operation. It also allows for removing all attachments that are not declared in an attachment block. This is useful for removing attachments that have been added from the template.\n\n~\u003e Do not use this resource on the same VM as ovirt_disk_attachment (singular). It will cause a ping-pong effect of resources being created and removed on each Terraform run.\n","description_kind":"markdown"}},"ovirt_nic":{"version":0,"block":{"attributes":{"id":{"type":"string","description_kind":"plain","computed":true},"name":{"type":"string","description":"Human-readable name for the NIC.","description_kind":"markdown","required":true},"vm_id":{"type":"string","description":"ID of the VM to attach this NIC to.","description_kind":"markdown","required":true},"vnic_profile_id":{"type":"string","description":"ID of the VNIC profile to associate with this NIC.","description_kind":"markdown","required":true}},"description":"The ovirt_nic resource creates network interfaces in oVirt.","description_kind":"markdown"}},"ovirt_vm":{"version":0,"block":{"attributes":{"cluster_id":{"type":"string","description":"Cluster to create this VM on.","description_kind":"markdown","required":true},"comment":{"type":"string","description":"User-provided comment for the VM.","description_kind":"markdown","optional":true},"id":{"type":"string","description":"oVirt ID of this VM.","description_kind":"markdown","computed":true},"name":{"type":"string","description":"User-provided name for the VM. Must only consist of lower- and uppercase letters, numbers, dash, underscore and dot.","description_kind":"markdown","optional":true},"status":{"type":"string","description":"Status of the virtual machine. One of: `down`, `image_locked`, `migrating`, `not_responding`, `paused`, `powering_down`, `powering_up`, `reboot_in_progress`, `restoring_state`, `saving_state`, `suspended`, `unassigned`, `unknown`, `up`, `wait_for_launch`.","description_kind":"markdown","computed":true},"template_id":{"type":"string","description":"Base template for this VM.","description_kind":"markdown","required":true}},"description":"The ovirt_vm resource creates a virtual machine in oVirt.","description_kind":"markdown"}}}}}}
