{"format_version":"0.2","provider_schemas":{"registry.terraform.io/headyj/neo4j":{"provider":{"version":0,"block":{"attributes":{"host":{"type":"string","description_kind":"plain","optional":true},"password":{"type":"string","description_kind":"plain","optional":true,"sensitive":true},"username":{"type":"string","description_kind":"plain","optional":true}},"description_kind":"plain"}},"resource_schemas":{"neo4j_database":{"version":0,"block":{"attributes":{"id":{"type":"string","description_kind":"plain","optional":true,"computed":true},"name":{"type":"string","description_kind":"plain","required":true}},"description_kind":"plain"}},"neo4j_grant":{"version":0,"block":{"attributes":{"action":{"type":"string","description_kind":"plain","required":true},"graph":{"type":"string","description_kind":"plain","required":true},"id":{"type":"string","description_kind":"plain","optional":true,"computed":true},"resource":{"type":"string","description_kind":"plain","optional":true},"role":{"type":"string","description_kind":"plain","required":true},"segment":{"type":"string","description_kind":"plain","optional":true}},"description_kind":"plain"}},"neo4j_role":{"version":0,"block":{"attributes":{"id":{"type":"string","description_kind":"plain","optional":true,"computed":true},"name":{"type":"string","description_kind":"plain","required":true}},"description_kind":"plain"}},"neo4j_user":{"version":0,"block":{"attributes":{"change_password_required":{"type":"bool","description_kind":"plain","optional":true},"id":{"type":"string","description_kind":"plain","optional":true,"computed":true},"name":{"type":"string","description_kind":"plain","required":true},"password":{"type":"string","description_kind":"plain","required":true,"sensitive":true},"roles":{"type":["set","string"],"description_kind":"plain","optional":true}},"description_kind":"plain"}}}}}}
