{"format_version":"0.2","provider_schemas":{"registry.terraform.io/healthjoy/gitlab":{"provider":{"version":0,"block":{"attributes":{"base_url":{"type":"string","description":"The GitLab Base API URL","description_kind":"plain","optional":true},"cacert_file":{"type":"string","description":"A file containing the ca certificate to use in case ssl certificate is not from a standard chain","description_kind":"plain","optional":true},"client_cert":{"type":"string","description":"File path to client certificate when GitLab instance is behind company proxy. File  must contain PEM encoded data.","description_kind":"plain","optional":true},"client_key":{"type":"string","description":"File path to client key when GitLab instance is behind company proxy. File must contain PEM encoded data.","description_kind":"plain","optional":true},"insecure":{"type":"bool","description":"Disable SSL verification of API calls","description_kind":"plain","optional":true},"token":{"type":"string","description":"The OAuth token used to connect to GitLab.","description_kind":"plain","required":true}},"description_kind":"plain"}},"resource_schemas":{"gitlab_branch_protection":{"version":0,"block":{"attributes":{"branch":{"type":"string","description_kind":"plain","required":true},"code_owner_approval_required":{"type":"bool","description_kind":"plain","optional":true},"id":{"type":"string","description_kind":"plain","optional":true,"computed":true},"merge_access_level":{"type":"string","description_kind":"plain","required":true},"project":{"type":"string","description_kind":"plain","required":true},"push_access_level":{"type":"string","description_kind":"plain","required":true}},"block_types":{"allowed_to_merge":{"nesting_mode":"set","block":{"attributes":{"access_level":{"type":"string","description_kind":"plain","computed":true},"access_level_description":{"type":"string","description_kind":"plain","computed":true},"group_id":{"type":"number","description_kind":"plain","optional":true},"user_id":{"type":"number","description_kind":"plain","optional":true}},"description_kind":"plain"}},"allowed_to_push":{"nesting_mode":"set","block":{"attributes":{"access_level":{"type":"string","description_kind":"plain","computed":true},"access_level_description":{"type":"string","description_kind":"plain","computed":true},"group_id":{"type":"number","description_kind":"plain","optional":true},"user_id":{"type":"number","description_kind":"plain","optional":true}},"description_kind":"plain"}}},"description_kind":"plain"}},"gitlab_deploy_key":{"version":0,"block":{"attributes":{"can_push":{"type":"bool","description_kind":"plain","optional":true},"id":{"type":"string","description_kind":"plain","optional":true,"computed":true},"key":{"type":"string","description_kind":"plain","required":true},"project":{"type":"string","description_kind":"plain","required":true},"title":{"type":"string","description_kind":"plain","required":true}},"description_kind":"plain"}},"gitlab_deploy_key_enable":{"version":0,"block":{"attributes":{"can_push":{"type":"bool","description_kind":"plain","optional":true,"computed":true},"id":{"type":"string","description_kind":"plain","optional":true,"computed":true},"key":{"type":"string","description_kind":"plain","optional":true,"computed":true},"key_id":{"type":"string","description_kind":"plain","required":true},"project":{"type":"string","description_kind":"plain","required":true},"title":{"type":"string","description_kind":"plain","optional":true,"computed":true}},"description_kind":"plain"}},"gitlab_deploy_token":{"version":0,"block":{"attributes":{"expires_at":{"type":"string","description_kind":"plain","optional":true},"group":{"type":"string","description_kind":"plain","optional":true},"id":{"type":"string","description_kind":"plain","optional":true,"computed":true},"name":{"type":"string","description_kind":"plain","required":true},"project":{"type":"string","description_kind":"plain","optional":true},"scopes":{"type":["set","string"],"description_kind":"plain","required":true},"token":{"type":"string","description_kind":"plain","computed":true,"sensitive":true},"username":{"type":"string","description_kind":"plain","optional":true,"computed":true}},"description_kind":"plain"}},"gitlab_group":{"version":0,"block":{"attributes":{"auto_devops_enabled":{"type":"bool","description_kind":"plain","optional":true},"description":{"type":"string","description_kind":"plain","optional":true},"emails_disabled":{"type":"bool","description_kind":"plain","optional":true},"full_name":{"type":"string","description_kind":"plain","computed":true},"full_path":{"type":"string","description_kind":"plain","computed":true},"id":{"type":"string","description_kind":"plain","optional":true,"computed":true},"lfs_enabled":{"type":"bool","description_kind":"plain","optional":true},"mentions_disabled":{"type":"bool","description_kind":"plain","optional":true},"name":{"type":"string","description_kind":"plain","required":true},"parent_id":{"type":"number","description_kind":"plain","optional":true},"path":{"type":"string","description_kind":"plain","required":true},"project_creation_level":{"type":"string","description_kind":"plain","optional":true},"request_access_enabled":{"type":"bool","description_kind":"plain","optional":true},"require_two_factor_authentication":{"type":"bool","description_kind":"plain","optional":true},"runners_token":{"type":"string","description_kind":"plain","computed":true,"sensitive":true},"share_with_group_lock":{"type":"bool","description_kind":"plain","optional":true},"subgroup_creation_level":{"type":"string","description_kind":"plain","optional":true},"two_factor_grace_period":{"type":"number","description_kind":"plain","optional":true},"visibility_level":{"type":"string","description_kind":"plain","optional":true,"computed":true},"web_url":{"type":"string","description_kind":"plain","computed":true}},"description_kind":"plain"}},"gitlab_group_cluster":{"version":0,"block":{"attributes":{"cluster_type":{"type":"string","description_kind":"plain","computed":true},"created_at":{"type":"string","description_kind":"plain","computed":true},"domain":{"type":"string","description_kind":"plain","optional":true},"enabled":{"type":"bool","description_kind":"plain","optional":true},"environment_scope":{"type":"string","description_kind":"plain","optional":true},"group":{"type":"string","description_kind":"plain","required":true},"id":{"type":"string","description_kind":"plain","optional":true,"computed":true},"kubernetes_api_url":{"type":"string","description_kind":"plain","required":true},"kubernetes_authorization_type":{"type":"string","description_kind":"plain","optional":true},"kubernetes_ca_cert":{"type":"string","description_kind":"plain","optional":true},"kubernetes_token":{"type":"string","description_kind":"plain","required":true,"sensitive":true},"managed":{"type":"bool","description_kind":"plain","optional":true},"management_project_id":{"type":"string","description_kind":"plain","optional":true},"name":{"type":"string","description_kind":"plain","required":true},"platform_type":{"type":"string","description_kind":"plain","computed":true},"provider_type":{"type":"string","description_kind":"plain","computed":true}},"description_kind":"plain"}},"gitlab_group_label":{"version":0,"block":{"attributes":{"color":{"type":"string","description_kind":"plain","required":true},"description":{"type":"string","description_kind":"plain","optional":true},"group":{"type":"string","description_kind":"plain","required":true},"id":{"type":"string","description_kind":"plain","optional":true,"computed":true},"name":{"type":"string","description_kind":"plain","required":true}},"description_kind":"plain"}},"gitlab_group_ldap_link":{"version":0,"block":{"attributes":{"access_level":{"type":"string","description_kind":"plain","required":true},"cn":{"type":"string","description_kind":"plain","required":true},"force":{"type":"bool","description_kind":"plain","optional":true},"group_id":{"type":"string","description_kind":"plain","required":true},"id":{"type":"string","description_kind":"plain","optional":true,"computed":true},"ldap_provider":{"type":"string","description_kind":"plain","required":true}},"description_kind":"plain"}},"gitlab_group_membership":{"version":0,"block":{"attributes":{"access_level":{"type":"string","description_kind":"plain","required":true},"expires_at":{"type":"string","description_kind":"plain","optional":true},"group_id":{"type":"string","description_kind":"plain","required":true},"id":{"type":"string","description_kind":"plain","optional":true,"computed":true},"user_id":{"type":"number","description_kind":"plain","required":true}},"description_kind":"plain"}},"gitlab_group_share_group":{"version":0,"block":{"attributes":{"expires_at":{"type":"string","description_kind":"plain","optional":true},"group_access":{"type":"string","description_kind":"plain","required":true},"group_id":{"type":"string","description_kind":"plain","required":true},"id":{"type":"string","description_kind":"plain","optional":true,"computed":true},"share_group_id":{"type":"number","description_kind":"plain","required":true}},"description_kind":"plain"}},"gitlab_group_variable":{"version":0,"block":{"attributes":{"group":{"type":"string","description_kind":"plain","required":true},"id":{"type":"string","description_kind":"plain","optional":true,"computed":true},"key":{"type":"string","description_kind":"plain","required":true},"masked":{"type":"bool","description_kind":"plain","optional":true},"protected":{"type":"bool","description_kind":"plain","optional":true},"value":{"type":"string","description_kind":"plain","required":true,"sensitive":true},"variable_type":{"type":"string","description_kind":"plain","optional":true}},"description_kind":"plain"}},"gitlab_instance_cluster":{"version":0,"block":{"attributes":{"cluster_type":{"type":"string","description_kind":"plain","computed":true},"created_at":{"type":"string","description_kind":"plain","computed":true},"domain":{"type":"string","description_kind":"plain","optional":true},"enabled":{"type":"bool","description_kind":"plain","optional":true},"environment_scope":{"type":"string","description_kind":"plain","optional":true},"id":{"type":"string","description_kind":"plain","optional":true,"computed":true},"kubernetes_api_url":{"type":"string","description_kind":"plain","required":true},"kubernetes_authorization_type":{"type":"string","description_kind":"plain","optional":true},"kubernetes_ca_cert":{"type":"string","description_kind":"plain","optional":true},"kubernetes_namespace":{"type":"string","description_kind":"plain","optional":true},"kubernetes_token":{"type":"string","description_kind":"plain","required":true,"sensitive":true},"managed":{"type":"bool","description_kind":"plain","optional":true},"management_project_id":{"type":"string","description_kind":"plain","optional":true},"name":{"type":"string","description_kind":"plain","required":true},"platform_type":{"type":"string","description_kind":"plain","computed":true},"provider_type":{"type":"string","description_kind":"plain","computed":true}},"description_kind":"plain"}},"gitlab_instance_variable":{"version":0,"block":{"attributes":{"id":{"type":"string","description_kind":"plain","optional":true,"computed":true},"key":{"type":"string","description_kind":"plain","required":true},"masked":{"type":"bool","description_kind":"plain","optional":true},"protected":{"type":"bool","description_kind":"plain","optional":true},"value":{"type":"string","description_kind":"plain","required":true,"sensitive":true},"variable_type":{"type":"string","description_kind":"plain","optional":true}},"description_kind":"plain"}},"gitlab_label":{"version":0,"block":{"attributes":{"color":{"type":"string","description_kind":"plain","required":true},"description":{"type":"string","description_kind":"plain","optional":true},"id":{"type":"string","description_kind":"plain","optional":true,"computed":true},"name":{"type":"string","description_kind":"plain","required":true},"project":{"type":"string","description_kind":"plain","required":true}},"description_kind":"plain"}},"gitlab_pipeline_schedule":{"version":0,"block":{"attributes":{"active":{"type":"bool","description_kind":"plain","optional":true},"cron":{"type":"string","description_kind":"plain","required":true},"cron_timezone":{"type":"string","description_kind":"plain","optional":true},"description":{"type":"string","description_kind":"plain","required":true},"id":{"type":"string","description_kind":"plain","optional":true,"computed":true},"project":{"type":"string","description_kind":"plain","required":true},"ref":{"type":"string","description_kind":"plain","required":true}},"description_kind":"plain"}},"gitlab_pipeline_schedule_variable":{"version":0,"block":{"attributes":{"id":{"type":"string","description_kind":"plain","optional":true,"computed":true},"key":{"type":"string","description_kind":"plain","required":true},"pipeline_schedule_id":{"type":"number","description_kind":"plain","required":true},"project":{"type":"string","description_kind":"plain","required":true},"value":{"type":"string","description_kind":"plain","required":true}},"description_kind":"plain"}},"gitlab_pipeline_trigger":{"version":0,"block":{"attributes":{"description":{"type":"string","description_kind":"plain","required":true},"id":{"type":"string","description_kind":"plain","optional":true,"computed":true},"project":{"type":"string","description_kind":"plain","required":true},"token":{"type":"string","description_kind":"plain","computed":true}},"description_kind":"plain"}},"gitlab_project":{"version":0,"block":{"attributes":{"approvals_before_merge":{"type":"number","description_kind":"plain","optional":true},"archived":{"type":"bool","description":"Whether the project is archived.","description_kind":"plain","optional":true},"container_registry_enabled":{"type":"bool","description_kind":"plain","optional":true},"default_branch":{"type":"string","description_kind":"plain","optional":true},"description":{"type":"string","description_kind":"plain","optional":true},"group_with_project_templates_id":{"type":"number","description_kind":"plain","optional":true},"http_url_to_repo":{"type":"string","description_kind":"plain","computed":true},"id":{"type":"string","description_kind":"plain","optional":true,"computed":true},"import_url":{"type":"string","description_kind":"plain","optional":true},"initialize_with_readme":{"type":"bool","description_kind":"plain","optional":true},"issues_enabled":{"type":"bool","description_kind":"plain","optional":true},"lfs_enabled":{"type":"bool","description_kind":"plain","optional":true},"merge_method":{"type":"string","description_kind":"plain","optional":true},"merge_requests_enabled":{"type":"bool","description_kind":"plain","optional":true},"mirror":{"type":"bool","description_kind":"plain","optional":true},"mirror_overwrites_diverged_branches":{"type":"bool","description_kind":"plain","optional":true},"mirror_trigger_builds":{"type":"bool","description_kind":"plain","optional":true},"name":{"type":"string","description_kind":"plain","required":true},"namespace_id":{"type":"number","description_kind":"plain","optional":true,"computed":true},"only_allow_merge_if_all_discussions_are_resolved":{"type":"bool","description_kind":"plain","optional":true},"only_allow_merge_if_pipeline_succeeds":{"type":"bool","description_kind":"plain","optional":true},"only_mirror_protected_branches":{"type":"bool","description_kind":"plain","optional":true},"packages_enabled":{"type":"bool","description_kind":"plain","optional":true},"pages_access_level":{"type":"string","description_kind":"plain","optional":true},"path":{"type":"string","description_kind":"plain","optional":true},"path_with_namespace":{"type":"string","description_kind":"plain","computed":true},"pipelines_enabled":{"type":"bool","description_kind":"plain","optional":true},"remove_source_branch_after_merge":{"type":"bool","description_kind":"plain","optional":true},"request_access_enabled":{"type":"bool","description_kind":"plain","optional":true},"runners_token":{"type":"string","description_kind":"plain","computed":true,"sensitive":true},"shared_runners_enabled":{"type":"bool","description_kind":"plain","optional":true,"computed":true},"snippets_enabled":{"type":"bool","description_kind":"plain","optional":true},"ssh_url_to_repo":{"type":"string","description_kind":"plain","computed":true},"tags":{"type":["set","string"],"description_kind":"plain","optional":true},"template_name":{"type":"string","description_kind":"plain","optional":true},"template_project_id":{"type":"number","description_kind":"plain","optional":true},"use_custom_template":{"type":"bool","description_kind":"plain","optional":true},"visibility_level":{"type":"string","description_kind":"plain","optional":true},"web_url":{"type":"string","description_kind":"plain","computed":true},"wiki_enabled":{"type":"bool","description_kind":"plain","optional":true}},"block_types":{"push_rules":{"nesting_mode":"list","block":{"attributes":{"author_email_regex":{"type":"string","description_kind":"plain","optional":true},"branch_name_regex":{"type":"string","description_kind":"plain","optional":true},"commit_committer_check":{"type":"bool","description_kind":"plain","optional":true},"commit_message_negative_regex":{"type":"string","description_kind":"plain","optional":true},"commit_message_regex":{"type":"string","description_kind":"plain","optional":true},"deny_delete_tag":{"type":"bool","description_kind":"plain","optional":true},"file_name_regex":{"type":"string","description_kind":"plain","optional":true},"max_file_size":{"type":"number","description_kind":"plain","optional":true},"member_check":{"type":"bool","description_kind":"plain","optional":true},"prevent_secrets":{"type":"bool","description_kind":"plain","optional":true},"reject_unsigned_commits":{"type":"bool","description_kind":"plain","optional":true}},"description_kind":"plain"},"max_items":1}},"description_kind":"plain"}},"gitlab_project_approval_rule":{"version":0,"block":{"attributes":{"approvals_required":{"type":"number","description_kind":"plain","required":true},"group_ids":{"type":["set","number"],"description_kind":"plain","optional":true},"id":{"type":"string","description_kind":"plain","optional":true,"computed":true},"name":{"type":"string","description_kind":"plain","required":true},"project":{"type":"string","description_kind":"plain","required":true},"user_ids":{"type":["set","number"],"description_kind":"plain","optional":true}},"description_kind":"plain"}},"gitlab_project_cluster":{"version":0,"block":{"attributes":{"cluster_type":{"type":"string","description_kind":"plain","computed":true},"created_at":{"type":"string","description_kind":"plain","computed":true},"domain":{"type":"string","description_kind":"plain","optional":true},"enabled":{"type":"bool","description_kind":"plain","optional":true},"environment_scope":{"type":"string","description_kind":"plain","optional":true},"id":{"type":"string","description_kind":"plain","optional":true,"computed":true},"kubernetes_api_url":{"type":"string","description_kind":"plain","required":true},"kubernetes_authorization_type":{"type":"string","description_kind":"plain","optional":true},"kubernetes_ca_cert":{"type":"string","description_kind":"plain","optional":true},"kubernetes_namespace":{"type":"string","description_kind":"plain","optional":true},"kubernetes_token":{"type":"string","description_kind":"plain","required":true,"sensitive":true},"managed":{"type":"bool","description_kind":"plain","optional":true},"management_project_id":{"type":"string","description_kind":"plain","optional":true},"name":{"type":"string","description_kind":"plain","required":true},"platform_type":{"type":"string","description_kind":"plain","computed":true},"project":{"type":"string","description_kind":"plain","required":true},"provider_type":{"type":"string","description_kind":"plain","computed":true}},"description_kind":"plain"}},"gitlab_project_freeze_period":{"version":0,"block":{"attributes":{"cron_timezone":{"type":"string","description_kind":"plain","optional":true},"freeze_end":{"type":"string","description_kind":"plain","required":true},"freeze_start":{"type":"string","description_kind":"plain","required":true},"id":{"type":"string","description_kind":"plain","optional":true,"computed":true},"project_id":{"type":"string","description_kind":"plain","required":true}},"description_kind":"plain"}},"gitlab_project_hook":{"version":0,"block":{"attributes":{"confidential_issues_events":{"type":"bool","description_kind":"plain","optional":true},"confidential_note_events":{"type":"bool","description_kind":"plain","optional":true},"deployment_events":{"type":"bool","description_kind":"plain","optional":true},"enable_ssl_verification":{"type":"bool","description_kind":"plain","optional":true},"id":{"type":"string","description_kind":"plain","optional":true,"computed":true},"issues_events":{"type":"bool","description_kind":"plain","optional":true},"job_events":{"type":"bool","description_kind":"plain","optional":true},"merge_requests_events":{"type":"bool","description_kind":"plain","optional":true},"note_events":{"type":"bool","description_kind":"plain","optional":true},"pipeline_events":{"type":"bool","description_kind":"plain","optional":true},"project":{"type":"string","description_kind":"plain","required":true},"push_events":{"type":"bool","description_kind":"plain","optional":true},"push_events_branch_filter":{"type":"string","description_kind":"plain","optional":true},"tag_push_events":{"type":"bool","description_kind":"plain","optional":true},"token":{"type":"string","description_kind":"plain","optional":true,"sensitive":true},"url":{"type":"string","description_kind":"plain","required":true},"wiki_page_events":{"type":"bool","description_kind":"plain","optional":true}},"description_kind":"plain"}},"gitlab_project_level_mr_approvals":{"version":0,"block":{"attributes":{"disable_overriding_approvers_per_merge_request":{"type":"bool","description_kind":"plain","optional":true},"id":{"type":"string","description_kind":"plain","optional":true,"computed":true},"merge_requests_author_approval":{"type":"bool","description_kind":"plain","optional":true},"merge_requests_disable_committers_approval":{"type":"bool","description_kind":"plain","optional":true},"project_id":{"type":"number","description_kind":"plain","required":true},"reset_approvals_on_push":{"type":"bool","description_kind":"plain","optional":true}},"description_kind":"plain"}},"gitlab_project_membership":{"version":0,"block":{"attributes":{"access_level":{"type":"string","description_kind":"plain","required":true},"id":{"type":"string","description_kind":"plain","optional":true,"computed":true},"project_id":{"type":"string","description_kind":"plain","required":true},"user_id":{"type":"number","description_kind":"plain","required":true}},"description_kind":"plain"}},"gitlab_project_mirror":{"version":0,"block":{"attributes":{"enabled":{"type":"bool","description_kind":"plain","optional":true},"id":{"type":"string","description_kind":"plain","optional":true,"computed":true},"keep_divergent_refs":{"type":"bool","description_kind":"plain","optional":true},"mirror_id":{"type":"number","description_kind":"plain","computed":true},"only_protected_branches":{"type":"bool","description_kind":"plain","optional":true},"project":{"type":"string","description_kind":"plain","required":true},"url":{"type":"string","description_kind":"plain","required":true,"sensitive":true}},"description_kind":"plain"}},"gitlab_project_share_group":{"version":0,"block":{"attributes":{"access_level":{"type":"string","description_kind":"plain","required":true},"group_id":{"type":"number","description_kind":"plain","required":true},"id":{"type":"string","description_kind":"plain","optional":true,"computed":true},"project_id":{"type":"string","description_kind":"plain","required":true}},"description_kind":"plain"}},"gitlab_project_variable":{"version":0,"block":{"attributes":{"environment_scope":{"type":"string","description_kind":"plain","optional":true},"id":{"type":"string","description_kind":"plain","optional":true,"computed":true},"key":{"type":"string","description_kind":"plain","required":true},"masked":{"type":"bool","description_kind":"plain","optional":true},"project":{"type":"string","description_kind":"plain","required":true},"protected":{"type":"bool","description_kind":"plain","optional":true},"value":{"type":"string","description_kind":"plain","required":true,"sensitive":true},"variable_type":{"type":"string","description_kind":"plain","optional":true}},"description_kind":"plain"}},"gitlab_service_github":{"version":0,"block":{"attributes":{"active":{"type":"bool","description_kind":"plain","computed":true},"created_at":{"type":"string","description_kind":"plain","computed":true},"id":{"type":"string","description_kind":"plain","optional":true,"computed":true},"project":{"type":"string","description_kind":"plain","required":true},"repository_url":{"type":"string","description_kind":"plain","required":true},"static_context":{"type":"bool","description_kind":"plain","optional":true},"title":{"type":"string","description_kind":"plain","computed":true},"token":{"type":"string","description_kind":"plain","required":true,"sensitive":true},"updated_at":{"type":"string","description_kind":"plain","computed":true}},"description_kind":"plain"}},"gitlab_service_jira":{"version":0,"block":{"attributes":{"active":{"type":"bool","description_kind":"plain","computed":true},"comment_on_event_enabled":{"type":"bool","description_kind":"plain","optional":true,"computed":true},"commit_events":{"type":"bool","description_kind":"plain","optional":true,"computed":true},"created_at":{"type":"string","description_kind":"plain","computed":true},"id":{"type":"string","description_kind":"plain","optional":true,"computed":true},"jira_issue_transition_id":{"type":"string","description_kind":"plain","optional":true},"merge_requests_events":{"type":"bool","description_kind":"plain","optional":true,"computed":true},"password":{"type":"string","description_kind":"plain","required":true,"sensitive":true},"project":{"type":"string","description_kind":"plain","required":true},"project_key":{"type":"string","description_kind":"plain","optional":true},"title":{"type":"string","description_kind":"plain","computed":true},"updated_at":{"type":"string","description_kind":"plain","computed":true},"url":{"type":"string","description_kind":"plain","required":true},"username":{"type":"string","description_kind":"plain","required":true}},"description_kind":"plain"}},"gitlab_service_pipelines_email":{"version":0,"block":{"attributes":{"branches_to_be_notified":{"type":"string","description_kind":"plain","optional":true},"id":{"type":"string","description_kind":"plain","optional":true,"computed":true},"notify_only_broken_pipelines":{"type":"bool","description_kind":"plain","optional":true},"project":{"type":"string","description_kind":"plain","required":true},"recipients":{"type":["set","string"],"description_kind":"plain","required":true}},"description_kind":"plain"}},"gitlab_service_slack":{"version":0,"block":{"attributes":{"branches_to_be_notified":{"type":"string","description_kind":"plain","optional":true,"computed":true},"confidential_issue_channel":{"type":"string","description_kind":"plain","optional":true},"confidential_issues_events":{"type":"bool","description_kind":"plain","optional":true,"computed":true},"confidential_note_events":{"type":"bool","description_kind":"plain","optional":true,"computed":true},"id":{"type":"string","description_kind":"plain","optional":true,"computed":true},"issue_channel":{"type":"string","description_kind":"plain","optional":true},"issues_events":{"type":"bool","description_kind":"plain","optional":true,"computed":true},"job_events":{"type":"bool","description_kind":"plain","computed":true},"merge_request_channel":{"type":"string","description_kind":"plain","optional":true},"merge_requests_events":{"type":"bool","description_kind":"plain","optional":true,"computed":true},"note_channel":{"type":"string","description_kind":"plain","optional":true},"note_events":{"type":"bool","description_kind":"plain","optional":true,"computed":true},"notify_only_broken_pipelines":{"type":"bool","description_kind":"plain","optional":true,"computed":true},"notify_only_default_branch":{"type":"bool","description_kind":"plain","deprecated":true,"optional":true,"computed":true},"pipeline_channel":{"type":"string","description_kind":"plain","optional":true},"pipeline_events":{"type":"bool","description_kind":"plain","optional":true,"computed":true},"project":{"type":"string","description_kind":"plain","required":true},"push_channel":{"type":"string","description_kind":"plain","optional":true},"push_events":{"type":"bool","description_kind":"plain","optional":true,"computed":true},"tag_push_channel":{"type":"string","description_kind":"plain","optional":true},"tag_push_events":{"type":"bool","description_kind":"plain","optional":true,"computed":true},"username":{"type":"string","description_kind":"plain","optional":true},"webhook":{"type":"string","description_kind":"plain","required":true},"wiki_page_channel":{"type":"string","description_kind":"plain","optional":true},"wiki_page_events":{"type":"bool","description_kind":"plain","optional":true,"computed":true}},"description_kind":"plain"}},"gitlab_tag_protection":{"version":0,"block":{"attributes":{"create_access_level":{"type":"string","description_kind":"plain","required":true},"id":{"type":"string","description_kind":"plain","optional":true,"computed":true},"project":{"type":"string","description_kind":"plain","required":true},"tag":{"type":"string","description_kind":"plain","required":true}},"description_kind":"plain"}},"gitlab_user":{"version":0,"block":{"attributes":{"can_create_group":{"type":"bool","description_kind":"plain","optional":true},"email":{"type":"string","description_kind":"plain","required":true},"id":{"type":"string","description_kind":"plain","optional":true,"computed":true},"is_admin":{"type":"bool","description_kind":"plain","optional":true},"is_external":{"type":"bool","description_kind":"plain","optional":true},"name":{"type":"string","description_kind":"plain","required":true},"note":{"type":"string","description_kind":"plain","optional":true},"password":{"type":"string","description_kind":"plain","optional":true,"sensitive":true},"projects_limit":{"type":"number","description_kind":"plain","optional":true},"reset_password":{"type":"bool","description_kind":"plain","optional":true},"skip_confirmation":{"type":"bool","description_kind":"plain","optional":true},"username":{"type":"string","description_kind":"plain","required":true}},"description_kind":"plain"}}},"data_source_schemas":{"gitlab_group":{"version":0,"block":{"attributes":{"description":{"type":"string","description_kind":"plain","computed":true},"full_name":{"type":"string","description_kind":"plain","computed":true},"full_path":{"type":"string","description_kind":"plain","optional":true,"computed":true},"group_id":{"type":"number","description_kind":"plain","optional":true,"computed":true},"id":{"type":"string","description_kind":"plain","optional":true,"computed":true},"lfs_enabled":{"type":"bool","description_kind":"plain","computed":true},"name":{"type":"string","description_kind":"plain","computed":true},"parent_id":{"type":"number","description_kind":"plain","computed":true},"path":{"type":"string","description_kind":"plain","computed":true},"request_access_enabled":{"type":"bool","description_kind":"plain","computed":true},"runners_token":{"type":"string","description_kind":"plain","computed":true,"sensitive":true},"visibility_level":{"type":"string","description_kind":"plain","computed":true},"web_url":{"type":"string","description_kind":"plain","computed":true}},"description_kind":"plain"}},"gitlab_group_membership":{"version":0,"block":{"attributes":{"access_level":{"type":"string","description_kind":"plain","optional":true,"computed":true},"full_path":{"type":"string","description_kind":"plain","optional":true,"computed":true},"group_id":{"type":"number","description_kind":"plain","optional":true,"computed":true},"id":{"type":"string","description_kind":"plain","optional":true,"computed":true},"members":{"type":["list",["object",{"access_level":"string","avatar_url":"string","expires_at":"string","id":"number","name":"string","state":"string","username":"string","web_url":"string"}]],"description_kind":"plain","computed":true}},"description_kind":"plain"}},"gitlab_project":{"version":0,"block":{"attributes":{"archived":{"type":"bool","description_kind":"plain","computed":true},"default_branch":{"type":"string","description_kind":"plain","computed":true},"description":{"type":"string","description_kind":"plain","computed":true},"http_url_to_repo":{"type":"string","description_kind":"plain","computed":true},"id":{"type":"string","description_kind":"plain","required":true},"issues_enabled":{"type":"bool","description_kind":"plain","computed":true},"lfs_enabled":{"type":"bool","description_kind":"plain","computed":true},"merge_requests_enabled":{"type":"bool","description_kind":"plain","computed":true},"name":{"type":"string","description_kind":"plain","computed":true},"namespace_id":{"type":"number","description_kind":"plain","computed":true},"path":{"type":"string","description_kind":"plain","computed":true},"path_with_namespace":{"type":"string","description_kind":"plain","computed":true},"pipelines_enabled":{"type":"bool","description_kind":"plain","computed":true},"push_rules":{"type":["list",["object",{"author_email_regex":"string","branch_name_regex":"string","commit_committer_check":"bool","commit_message_negative_regex":"string","commit_message_regex":"string","deny_delete_tag":"bool","file_name_regex":"string","max_file_size":"number","member_check":"bool","prevent_secrets":"bool","reject_unsigned_commits":"bool"}]],"description_kind":"plain","computed":true},"remove_source_branch_after_merge":{"type":"bool","description_kind":"plain","computed":true},"request_access_enabled":{"type":"bool","description_kind":"plain","computed":true},"runners_token":{"type":"string","description_kind":"plain","computed":true},"snippets_enabled":{"type":"bool","description_kind":"plain","computed":true},"ssh_url_to_repo":{"type":"string","description_kind":"plain","computed":true},"visibility_level":{"type":"string","description_kind":"plain","computed":true},"web_url":{"type":"string","description_kind":"plain","computed":true},"wiki_enabled":{"type":"bool","description_kind":"plain","computed":true}},"description_kind":"plain"}},"gitlab_projects":{"version":0,"block":{"attributes":{"archived":{"type":"bool","description_kind":"plain","optional":true},"group_id":{"type":"number","description_kind":"plain","optional":true},"id":{"type":"string","description_kind":"plain","optional":true,"computed":true},"include_subgroups":{"type":"bool","description_kind":"plain","optional":true},"max_queryable_pages":{"type":"number","description":"Prevents overloading your Gitlab instance in case of a misconfiguration.","description_kind":"plain","optional":true},"membership":{"type":"bool","description_kind":"plain","optional":true},"min_access_level":{"type":"number","description_kind":"plain","optional":true},"order_by":{"type":"string","description_kind":"plain","optional":true},"owned":{"type":"bool","description_kind":"plain","optional":true},"page":{"type":"number","description_kind":"plain","optional":true},"per_page":{"type":"number","description_kind":"plain","optional":true},"projects":{"type":["list",["object",{"_links":["map","string"],"approvals_before_merge":"number","archived":"bool","avatar_url":"string","ci_config_path":"string","container_registry_enabled":"bool","created_at":"string","creator_id":"number","custom_attributes":["list",["map","string"]],"default_branch":"string","description":"string","forked_from_project":["list",["object",{"http_url_to_repo":"string","id":"number","name":"string","name_with_namespace":"string","path":"string","path_with_namespace":"string","web_url":"string"}]],"forks_count":"number","http_url_to_repo":"string","id":"number","import_error":"string","import_status":"string","issues_enabled":"bool","jobs_enabled":"bool","last_activity_at":"string","lfs_enabled":"bool","merge_method":"string","merge_requests_enabled":"bool","mirror":"bool","mirror_overwrites_diverged_branches":"bool","mirror_trigger_builds":"bool","mirror_user_id":"number","name":"string","name_with_namespace":"string","namespace":["list",["object",{"full_path":"string","id":"number","kind":"string","name":"string","path":"string"}]],"only_allow_merge_if_all_discussions_are_resolved":"bool","only_allow_merge_if_pipeline_succeeds":"bool","only_mirror_protected_branches":"bool","open_issues_count":"number","owner":["list",["object",{"avatar_url":"string","id":"number","name":"string","state":"string","username":"string","website_url":"string"}]],"packages_enabled":"bool","path":"string","path_with_namespace":"string","permissions":["list",["object",{"group_access":["map","number"],"project_access":["map","number"]}]],"public":"bool","public_builds":"bool","readme_url":"string","request_access_enabled":"bool","resolve_outdated_diff_discussions":"bool","runners_token":"string","shared_runners_enabled":"bool","shared_with_groups":["list",["object",{"group_access_level":"string","group_id":"number","group_name":"string"}]],"snippets_enabled":"bool","ssh_url_to_repo":"string","star_count":"number","statistics":["map","number"],"tag_list":["set","string"],"visibility":"string","web_url":"string","wiki_enabled":"bool"}]],"description_kind":"plain","computed":true},"search":{"type":"string","description_kind":"plain","optional":true},"simple":{"type":"bool","description_kind":"plain","optional":true},"sort":{"type":"string","description_kind":"plain","optional":true},"starred":{"type":"bool","description_kind":"plain","optional":true},"statistics":{"type":"bool","description_kind":"plain","optional":true},"visibility":{"type":"string","description_kind":"plain","optional":true},"with_custom_attributes":{"type":"bool","description_kind":"plain","optional":true},"with_issues_enabled":{"type":"bool","description_kind":"plain","optional":true},"with_merge_requests_enabled":{"type":"bool","description_kind":"plain","optional":true},"with_programming_language":{"type":"string","description_kind":"plain","optional":true},"with_shared":{"type":"bool","description_kind":"plain","optional":true}},"description_kind":"plain"}},"gitlab_user":{"version":0,"block":{"attributes":{"avatar_url":{"type":"string","description_kind":"plain","computed":true},"bio":{"type":"string","description_kind":"plain","computed":true},"can_create_group":{"type":"bool","description_kind":"plain","computed":true},"can_create_project":{"type":"bool","description_kind":"plain","computed":true},"color_scheme_id":{"type":"number","description_kind":"plain","computed":true},"created_at":{"type":"string","description_kind":"plain","computed":true},"current_sign_in_at":{"type":"string","description_kind":"plain","computed":true},"email":{"type":"string","description_kind":"plain","optional":true,"computed":true},"extern_uid":{"type":"string","description_kind":"plain","computed":true},"external":{"type":"bool","description_kind":"plain","computed":true},"id":{"type":"string","description_kind":"plain","optional":true,"computed":true},"is_admin":{"type":"bool","description_kind":"plain","computed":true},"last_sign_in_at":{"type":"string","description_kind":"plain","computed":true},"linkedin":{"type":"string","description_kind":"plain","computed":true},"location":{"type":"string","description_kind":"plain","computed":true},"name":{"type":"string","description_kind":"plain","computed":true},"note":{"type":"string","description_kind":"plain","computed":true},"organization":{"type":"string","description_kind":"plain","computed":true},"projects_limit":{"type":"number","description_kind":"plain","computed":true},"skype":{"type":"string","description_kind":"plain","computed":true},"state":{"type":"string","description_kind":"plain","computed":true},"theme_id":{"type":"number","description_kind":"plain","computed":true},"twitter":{"type":"string","description_kind":"plain","computed":true},"two_factor_enabled":{"type":"bool","description_kind":"plain","computed":true},"user_id":{"type":"number","description_kind":"plain","optional":true,"computed":true},"user_provider":{"type":"string","description_kind":"plain","computed":true},"username":{"type":"string","description_kind":"plain","optional":true,"computed":true},"website_url":{"type":"string","description_kind":"plain","computed":true}},"description_kind":"plain"}},"gitlab_users":{"version":0,"block":{"attributes":{"active":{"type":"bool","description_kind":"plain","optional":true},"blocked":{"type":"bool","description_kind":"plain","optional":true},"created_after":{"type":"string","description_kind":"plain","optional":true},"created_before":{"type":"string","description_kind":"plain","optional":true},"extern_provider":{"type":"string","description_kind":"plain","optional":true},"extern_uid":{"type":"string","description_kind":"plain","optional":true},"id":{"type":"string","description_kind":"plain","optional":true,"computed":true},"order_by":{"type":"string","description_kind":"plain","optional":true},"search":{"type":"string","description_kind":"plain","optional":true},"sort":{"type":"string","description_kind":"plain","optional":true},"users":{"type":["list",["object",{"avatar_url":"string","bio":"string","can_create_group":"bool","can_create_project":"bool","color_scheme_id":"number","created_at":"string","current_sign_in_at":"string","email":"string","extern_uid":"string","external":"bool","id":"number","is_admin":"bool","last_sign_in_at":"string","linkedin":"string","location":"string","name":"string","organization":"string","projects_limit":"number","provider":"string","skype":"string","state":"string","theme_id":"number","twitter":"string","two_factor_enabled":"bool","username":"string","website_url":"string"}]],"description_kind":"plain","computed":true}},"description_kind":"plain"}}}}}}
