{"format_version":"0.2","provider_schemas":{"registry.terraform.io/hectorj/googlesiteverification":{"provider":{"version":0,"block":{"attributes":{"credentials":{"type":"string","description":"Either the path to or the contents of a [service account key file](https://cloud.google.com/iam/docs/creating-managing-service-account-keys) in JSON format. If not provided, the [application default credentials](https://cloud.google.com/sdk/gcloud/reference/auth/application-default) will be used.","description_kind":"plain","optional":true}},"description_kind":"plain"}},"resource_schemas":{"googlesiteverification_dns":{"version":0,"block":{"attributes":{"domain":{"type":"string","description":"The domain you want to verify.","description_kind":"plain","required":true},"id":{"type":"string","description_kind":"plain","optional":true,"computed":true},"token":{"type":"string","description":"The token you got from data.googlesiteverification_dns_token. This forces a new verification in case the token changes.","description_kind":"plain","required":true}},"block_types":{"timeouts":{"nesting_mode":"single","block":{"attributes":{"create":{"type":"string","description_kind":"plain","optional":true}},"description_kind":"plain"}}},"description":"https://developers.google.com/site-verification","description_kind":"plain"}}},"data_source_schemas":{"googlesiteverification_dns_token":{"version":0,"block":{"attributes":{"domain":{"type":"string","description":"The domain you want to verify.","description_kind":"plain","required":true},"id":{"type":"string","description_kind":"plain","optional":true,"computed":true},"record_name":{"type":"string","description":"The name of the record you should create.","description_kind":"plain","computed":true},"record_type":{"type":"string","description":"The type of DNS record you should create.","description_kind":"plain","computed":true},"record_value":{"type":"string","description":"The value of the record you should create.","description_kind":"plain","computed":true}},"description":"https://developers.google.com/site-verification/v1/webResource/getToken","description_kind":"plain"}}}}}}
