{"format_version":"0.2","provider_schemas":{"registry.terraform.io/hirosassa/looker":{"provider":{"version":0,"block":{"attributes":{"api_version":{"type":"string","description_kind":"plain","optional":true},"base_url":{"type":"string","description":"Looker API Base URL","description_kind":"plain","required":true},"client_id":{"type":"string","description":"Client ID to authenticate with Looker","description_kind":"plain","required":true},"client_secret":{"type":"string","description":"Client Secret to authenticate with Looker","description_kind":"plain","required":true},"timeout":{"type":"number","description_kind":"plain","optional":true},"verify_ssl":{"type":"bool","description_kind":"plain","optional":true}},"description_kind":"plain"}},"resource_schemas":{"looker_connection":{"version":0,"block":{"attributes":{"after_connect_statements":{"type":"string","description_kind":"plain","optional":true},"certificate":{"type":"string","description_kind":"plain","optional":true,"sensitive":true},"database":{"type":"string","description_kind":"plain","required":true},"db_timezone":{"type":"string","description_kind":"plain","optional":true},"dialect_name":{"type":"string","description_kind":"plain","required":true},"disable_context_comment":{"type":"bool","description_kind":"plain","optional":true},"file_type":{"type":"string","description_kind":"plain","optional":true},"host":{"type":"string","description_kind":"plain","required":true},"id":{"type":"string","description_kind":"plain","optional":true,"computed":true},"jdbc_additional_params":{"type":"string","description_kind":"plain","optional":true},"maintenance_cron":{"type":"string","description_kind":"plain","optional":true},"max_billing_gigabytes":{"type":"string","description_kind":"plain","optional":true},"max_connections":{"type":"number","description_kind":"plain","optional":true},"name":{"type":"string","description_kind":"plain","required":true},"oauth_application_id":{"type":"number","description_kind":"plain","optional":true},"password":{"type":"string","description_kind":"plain","optional":true,"sensitive":true},"pdt_concurrency":{"type":"number","description_kind":"plain","optional":true},"pool_timeout":{"type":"number","description_kind":"plain","optional":true},"port":{"type":"number","description_kind":"plain","optional":true},"query_timezone":{"type":"string","description_kind":"plain","optional":true},"schema":{"type":"string","description_kind":"plain","optional":true},"sql_runner_precache_tables":{"type":"bool","description_kind":"plain","optional":true},"sql_writing_with_info_schema":{"type":"bool","description_kind":"plain","optional":true},"ssl":{"type":"bool","description_kind":"plain","optional":true},"tmp_db_name":{"type":"string","description_kind":"plain","optional":true},"tunnel_id":{"type":"string","description_kind":"plain","optional":true},"user_attribute_fields":{"type":["set","string"],"description_kind":"plain","optional":true},"user_db_credentials":{"type":"bool","description_kind":"plain","optional":true},"username":{"type":"string","description_kind":"plain","required":true},"verify_ssl":{"type":"bool","description_kind":"plain","optional":true}},"block_types":{"pdt_context_override":{"nesting_mode":"list","block":{"attributes":{"after_connect_statements":{"type":"string","description_kind":"plain","optional":true},"certificate":{"type":"string","description_kind":"plain","optional":true,"sensitive":true},"context":{"type":"string","description_kind":"plain","optional":true},"database":{"type":"string","description_kind":"plain","optional":true},"file_type":{"type":"string","description_kind":"plain","optional":true},"host":{"type":"string","description_kind":"plain","optional":true},"jdbc_additional_params":{"type":"string","description_kind":"plain","optional":true},"passowrd":{"type":"string","description_kind":"plain","optional":true,"sensitive":true},"port":{"type":"string","description_kind":"plain","optional":true},"schema":{"type":"string","description_kind":"plain","optional":true},"username":{"type":"string","description_kind":"plain","optional":true}},"description_kind":"plain"},"max_items":1}},"description_kind":"plain"}},"looker_group":{"version":0,"block":{"attributes":{"id":{"type":"string","description_kind":"plain","optional":true,"computed":true},"name":{"type":"string","description_kind":"plain","required":true}},"description_kind":"plain"}},"looker_group_membership":{"version":0,"block":{"attributes":{"group_ids":{"type":["set","number"],"description_kind":"plain","optional":true},"id":{"type":"string","description_kind":"plain","optional":true,"computed":true},"target_group_id":{"type":"number","description_kind":"plain","required":true},"user_ids":{"type":["set","number"],"description_kind":"plain","optional":true}},"description_kind":"plain"}},"looker_lookml_model":{"version":0,"block":{"attributes":{"allowed_db_connection_names":{"type":["set","string"],"description_kind":"plain","required":true},"id":{"type":"string","description_kind":"plain","optional":true,"computed":true},"name":{"type":"string","description_kind":"plain","required":true},"project_name":{"type":"string","description_kind":"plain","required":true}},"description_kind":"plain"}},"looker_model_set":{"version":0,"block":{"attributes":{"id":{"type":"string","description_kind":"plain","optional":true,"computed":true},"models":{"type":["set","string"],"description_kind":"plain","required":true},"name":{"type":"string","description_kind":"plain","required":true}},"description_kind":"plain"}},"looker_permission_set":{"version":0,"block":{"attributes":{"id":{"type":"string","description_kind":"plain","optional":true,"computed":true},"name":{"type":"string","description_kind":"plain","required":true},"permissions":{"type":["set","string"],"description_kind":"plain","required":true}},"description_kind":"plain"}},"looker_role":{"version":0,"block":{"attributes":{"id":{"type":"string","description_kind":"plain","optional":true,"computed":true},"model_set_id":{"type":"string","description_kind":"plain","required":true},"name":{"type":"string","description_kind":"plain","required":true},"permission_set_id":{"type":"string","description_kind":"plain","required":true}},"description_kind":"plain"}},"looker_role_groups":{"version":0,"block":{"attributes":{"group_ids":{"type":["set","string"],"description_kind":"plain","required":true},"id":{"type":"string","description_kind":"plain","optional":true,"computed":true},"role_id":{"type":"string","description_kind":"plain","required":true}},"description_kind":"plain"}},"looker_user":{"version":0,"block":{"attributes":{"email":{"type":"string","description_kind":"plain","required":true},"first_name":{"type":"string","description_kind":"plain","optional":true},"id":{"type":"string","description_kind":"plain","optional":true,"computed":true},"last_name":{"type":"string","description_kind":"plain","optional":true}},"description_kind":"plain"}},"looker_user_attribute":{"version":0,"block":{"attributes":{"default_value":{"type":"string","description_kind":"plain","optional":true},"id":{"type":"string","description_kind":"plain","optional":true,"computed":true},"label":{"type":"string","description_kind":"plain","required":true},"name":{"type":"string","description_kind":"plain","required":true},"type":{"type":"string","description_kind":"plain","required":true},"user_can_edit":{"type":"bool","description_kind":"plain","optional":true},"user_can_view":{"type":"bool","description_kind":"plain","optional":true},"value_is_hidden":{"type":"bool","description_kind":"plain","optional":true}},"description_kind":"plain"}},"looker_user_attribute_user_value":{"version":0,"block":{"attributes":{"id":{"type":"string","description_kind":"plain","optional":true,"computed":true},"user_attribute_id":{"type":"number","description_kind":"plain","required":true},"user_id":{"type":"number","description_kind":"plain","required":true},"value":{"type":"string","description_kind":"plain","required":true}},"description_kind":"plain"}},"looker_user_roles":{"version":0,"block":{"attributes":{"id":{"type":"string","description_kind":"plain","optional":true,"computed":true},"role_ids":{"type":["set","string"],"description_kind":"plain","required":true},"user_id":{"type":"string","description_kind":"plain","required":true}},"description_kind":"plain"}}}}}}
