{"format_version":"0.2","provider_schemas":{"registry.terraform.io/hivelocity/hivelocity":{"provider":{"version":0,"block":{"attributes":{"api_key":{"type":"string","description":"Your API Key from the https://my.hivelocity.net portal.","description_kind":"plain","required":true,"sensitive":true},"api_url":{"type":"string","description":"The API instance to communicate with defaults to https://core.hivelocity.net/api/v2","description_kind":"plain","optional":true}},"description_kind":"plain"}},"resource_schemas":{"hivelocity_bare_metal_device":{"version":0,"block":{"attributes":{"device_id":{"type":"number","description_kind":"plain","optional":true,"computed":true},"hostname":{"type":"string","description_kind":"plain","required":true},"id":{"type":"string","description_kind":"plain","optional":true,"computed":true},"last_updated":{"type":"string","description_kind":"plain","optional":true,"computed":true},"location_name":{"type":"string","description_kind":"plain","required":true},"order_id":{"type":"number","description_kind":"plain","optional":true,"computed":true},"os_name":{"type":"string","description_kind":"plain","required":true},"period":{"type":"string","description_kind":"plain","optional":true,"computed":true},"power_status":{"type":"string","description_kind":"plain","optional":true,"computed":true},"primary_ip":{"type":"string","description_kind":"plain","optional":true,"computed":true},"product_id":{"type":"number","description_kind":"plain","required":true},"product_name":{"type":"string","description_kind":"plain","optional":true,"computed":true},"public_ssh_key_id":{"type":"number","description_kind":"plain","optional":true},"script":{"type":"string","description_kind":"plain","optional":true},"service_id":{"type":"number","description_kind":"plain","optional":true,"computed":true},"tags":{"type":["list","string"],"description_kind":"plain","optional":true},"vlan_id":{"type":"number","description_kind":"plain","optional":true}},"block_types":{"timeouts":{"nesting_mode":"single","block":{"attributes":{"create":{"type":"string","description_kind":"plain","optional":true}},"description_kind":"plain"}}},"description_kind":"plain"}},"hivelocity_ssh_key":{"version":0,"block":{"attributes":{"id":{"type":"string","description_kind":"plain","optional":true,"computed":true},"name":{"type":"string","description_kind":"plain","required":true},"public_key":{"type":"string","description_kind":"plain","required":true},"ssh_key_id":{"type":"number","description_kind":"plain","optional":true,"computed":true}},"block_types":{"timeouts":{"nesting_mode":"single","block":{"attributes":{"create":{"type":"string","description_kind":"plain","optional":true}},"description_kind":"plain"}}},"description_kind":"plain"}},"hivelocity_vlan":{"version":0,"block":{"attributes":{"device_ids":{"type":["list","number"],"description":"IDs of devices to include in this VLAN","description_kind":"plain","required":true},"id":{"type":"string","description_kind":"plain","optional":true,"computed":true}},"block_types":{"timeouts":{"nesting_mode":"single","block":{"attributes":{"create":{"type":"string","description_kind":"plain","optional":true}},"description_kind":"plain"}}},"description_kind":"plain"}}},"data_source_schemas":{"hivelocity_bare_metal_device":{"version":0,"block":{"attributes":{"device_id":{"type":"number","description_kind":"plain","optional":true,"computed":true},"first":{"type":"bool","description_kind":"plain","optional":true},"hostname":{"type":"string","description_kind":"plain","optional":true,"computed":true},"id":{"type":"string","description_kind":"plain","optional":true,"computed":true},"last_updated":{"type":"string","description_kind":"plain","optional":true,"computed":true},"location_name":{"type":"string","description_kind":"plain","optional":true,"computed":true},"order_id":{"type":"number","description_kind":"plain","optional":true,"computed":true},"os_name":{"type":"string","description_kind":"plain","optional":true,"computed":true},"period":{"type":"string","description_kind":"plain","optional":true,"computed":true},"power_status":{"type":"string","description_kind":"plain","optional":true,"computed":true},"primary_ip":{"type":"string","description_kind":"plain","optional":true,"computed":true},"product_id":{"type":"number","description_kind":"plain","optional":true,"computed":true},"product_name":{"type":"string","description_kind":"plain","optional":true,"computed":true},"public_ssh_key_id":{"type":"number","description_kind":"plain","optional":true},"script":{"type":"string","description_kind":"plain","optional":true,"computed":true},"service_id":{"type":"number","description_kind":"plain","optional":true,"computed":true},"tags":{"type":["list","string"],"description_kind":"plain","optional":true},"vlan_id":{"type":"number","description_kind":"plain","optional":true}},"block_types":{"filter":{"nesting_mode":"set","block":{"attributes":{"name":{"type":"string","description_kind":"plain","required":true},"values":{"type":["list","string"],"description_kind":"plain","required":true}},"description_kind":"plain"}}},"description_kind":"plain"}},"hivelocity_device":{"version":0,"block":{"attributes":{"device_id":{"type":"number","description_kind":"plain","computed":true},"device_type":{"type":"string","description_kind":"plain","computed":true},"first":{"type":"bool","description_kind":"plain","optional":true},"hostname":{"type":"string","description_kind":"plain","computed":true},"id":{"type":"string","description_kind":"plain","optional":true,"computed":true},"ip_addresses":{"type":["list","string"],"description_kind":"plain","computed":true},"ipmi_address":{"type":"string","description_kind":"plain","computed":true},"ipmi_enabled":{"type":"bool","description_kind":"plain","computed":true},"location":{"type":["map","string"],"description_kind":"plain","computed":true},"metadata":{"type":["map","string"],"description_kind":"plain","computed":true},"name":{"type":"string","description_kind":"plain","computed":true},"power_status":{"type":"string","description_kind":"plain","computed":true},"service_plan":{"type":"number","description_kind":"plain","computed":true},"status":{"type":"string","description_kind":"plain","computed":true},"tags":{"type":["list","string"],"description_kind":"plain","computed":true}},"block_types":{"filter":{"nesting_mode":"set","block":{"attributes":{"name":{"type":"string","description_kind":"plain","required":true},"values":{"type":["list","string"],"description_kind":"plain","required":true}},"description_kind":"plain"}}},"description_kind":"plain"}},"hivelocity_device_initial_creds":{"version":0,"block":{"attributes":{"device_id":{"type":"number","description_kind":"plain","required":true},"id":{"type":"string","description_kind":"plain","optional":true,"computed":true},"locker_url":{"type":"string","description_kind":"plain","computed":true},"password":{"type":"string","description_kind":"plain","computed":true},"port":{"type":"number","description_kind":"plain","computed":true},"user":{"type":"string","description_kind":"plain","computed":true}},"description_kind":"plain"}},"hivelocity_product":{"version":0,"block":{"attributes":{"annually_location_premium":{"type":"number","description_kind":"plain","computed":true},"biennial_location_premium":{"type":"number","description_kind":"plain","computed":true},"core":{"type":"bool","description_kind":"plain","computed":true},"data_center":{"type":"string","description_kind":"plain","computed":true},"edge":{"type":"bool","description_kind":"plain","computed":true},"first":{"type":"bool","description_kind":"plain","optional":true},"hourly_location_premium":{"type":"number","description_kind":"plain","computed":true},"id":{"type":"string","description_kind":"plain","optional":true,"computed":true},"monthly_location_premium":{"type":"number","description_kind":"plain","computed":true},"product_annually_price":{"type":"number","description_kind":"plain","computed":true},"product_bandwidth":{"type":"string","description_kind":"plain","computed":true},"product_biennial_price":{"type":"number","description_kind":"plain","computed":true},"product_cpu":{"type":"string","description_kind":"plain","computed":true},"product_cpu_cores":{"type":"string","description_kind":"plain","computed":true},"product_disabled_billing_periods":{"type":["list","string"],"description_kind":"plain","computed":true},"product_display_price":{"type":"number","description_kind":"plain","computed":true},"product_drive":{"type":"string","description_kind":"plain","computed":true},"product_gpu":{"type":"string","description_kind":"plain","computed":true},"product_hourly_price":{"type":"number","description_kind":"plain","computed":true},"product_id":{"type":"number","description_kind":"plain","computed":true},"product_memory":{"type":"string","description_kind":"plain","computed":true},"product_monthly_price":{"type":"number","description_kind":"plain","computed":true},"product_name":{"type":"string","description_kind":"plain","computed":true},"product_on_sale":{"type":"bool","description_kind":"plain","computed":true},"product_original_price":{"type":"number","description_kind":"plain","computed":true},"product_quarterly_price":{"type":"number","description_kind":"plain","computed":true},"product_semi_annually_price":{"type":"number","description_kind":"plain","computed":true},"product_triennial_price":{"type":"number","description_kind":"plain","computed":true},"quarterly_location_premium":{"type":"number","description_kind":"plain","computed":true},"semi_annually_location_premium":{"type":"number","description_kind":"plain","computed":true},"stock":{"type":"string","description_kind":"plain","computed":true},"triennial_location_premium":{"type":"number","description_kind":"plain","computed":true}},"block_types":{"filter":{"nesting_mode":"set","block":{"attributes":{"name":{"type":"string","description_kind":"plain","required":true},"values":{"type":["list","string"],"description_kind":"plain","required":true}},"description_kind":"plain"}}},"description_kind":"plain"}},"hivelocity_ssh_key":{"version":0,"block":{"attributes":{"first":{"type":"bool","description_kind":"plain","optional":true},"id":{"type":"string","description_kind":"plain","optional":true,"computed":true},"name":{"type":"string","description_kind":"plain","computed":true},"public_key":{"type":"string","description_kind":"plain","computed":true},"ssh_key_id":{"type":"number","description_kind":"plain","computed":true}},"block_types":{"filter":{"nesting_mode":"set","block":{"attributes":{"name":{"type":"string","description_kind":"plain","required":true},"values":{"type":["list","string"],"description_kind":"plain","required":true}},"description_kind":"plain"}}},"description_kind":"plain"}}}}}}
