{"format_version":"0.2","provider_schemas":{"registry.terraform.io/hkak03key/gdrive":{"provider":{"version":0,"block":{"description_kind":"plain"}},"resource_schemas":{"gdrive_file":{"version":0,"block":{"attributes":{"drive_id":{"type":"string","description":"The ID of the shared drive the file resides in.","description_kind":"plain","optional":true},"id":{"type":"string","description":"The ID of the file, folder or shortcut.  \nID is found on url as follow:  \nhttps://drive.google.com/file/d/{ID}  \nhttps://drive.google.com/drive/u/0/folders/{ID}","description_kind":"plain","computed":true},"md5_checksum":{"type":"string","description":"The MD5 checksum for the content of the file.  \nThis is only applicable to files with binary content in Google Drive.","description_kind":"plain","computed":true},"md5_checksum_for_diff":{"type":"string","description":"For finding file source diff.  \n**Please do not set value.**","description_kind":"plain","optional":true},"mime_type":{"type":"string","description":"The MIME type of the file, folder or shortcut.","description_kind":"plain","computed":true},"name":{"type":"string","description":"The name of the file, folder or shortcut.","description_kind":"plain","optional":true},"parents":{"type":["list","string"],"description":"The IDs of the parent folders which contain the file, folder or shortcut.","description_kind":"plain","optional":true},"real_id":{"type":"string","description":"The ID of the file, folder or shortcut.  \nThis is same value as `id` and created for compatibility with data source.","description_kind":"plain","computed":true},"real_parents":{"type":["list","string"],"description":"The IDs of the parent folders which contain the file, folder or shortcut.  \nThis value is got from API and may differ from `parents`.","description_kind":"plain","computed":true},"source":{"type":"string","description":"The file source path.","description_kind":"plain","optional":true},"target_id":{"type":"string","description":"The ID of shortcut target of the the file or folder.","description_kind":"plain","optional":true},"type":{"type":"string","description":"The type of google drive system files.  \nfolder: google drive folder  \nshortcut: google drive shortcut","description_kind":"plain","optional":true}},"description":"Creates a new file, folder or shorcut inside an existing google drive.\nSee the [official API documentation](https://developers.google.com/drive/api/v3/reference).","description_kind":"plain"}}},"data_source_schemas":{"gdrive_file":{"version":0,"block":{"attributes":{"drive_id":{"type":"string","description":"The ID of the shared drive the file resides in.","description_kind":"plain","computed":true},"id":{"type":"string","description":"The ID of the file, folder or shortcut.  \nID is found on url as follow:  \nhttps://drive.google.com/file/d/{ID}  \nhttps://drive.google.com/drive/u/0/folders/{ID}","description_kind":"plain","required":true},"md5_checksum":{"type":"string","description":"The MD5 checksum for the content of the file.  \nThis is only applicable to files with binary content in Google Drive.","description_kind":"plain","computed":true},"mime_type":{"type":"string","description":"The MIME type of the file, folder or shortcut.","description_kind":"plain","computed":true},"name":{"type":"string","description":"The name of the file, folder or shortcut.","description_kind":"plain","computed":true},"parents":{"type":["list","string"],"description":"The IDs of the parent folders which contain the file, folder or shortcut.","description_kind":"plain","computed":true},"real_id":{"type":"string","description":"The ID of the file, folder or shortcut.  \nThis value is got from API and may differ from `id`.","description_kind":"plain","computed":true},"real_parents":{"type":["list","string"],"description":"The IDs of the parent folders which contain the file, folder or shortcut.  \nThis is same value as `parents` and created for compatibility with resource.","description_kind":"plain","computed":true},"target_id":{"type":"string","description":"The ID of shortcut target of the the file or folder.","description_kind":"plain","computed":true},"type":{"type":"string","description":"The type of google drive system files.  \nfolder: google drive folder  \nshortcut: google drive shortcut","description_kind":"plain","computed":true}},"description":"Gets an existing file, folder or shortcut inside an google drive.  \nSee the [official API documentation](https://developers.google.com/drive/api/v3/reference).","description_kind":"plain"}}}}}}
