{"format_version":"0.2","provider_schemas":{"registry.terraform.io/holyshared/twilio":{"provider":{"version":0,"block":{"attributes":{"account_sid":{"type":"string","description_kind":"plain","optional":true},"auth_token":{"type":"string","description_kind":"plain","optional":true,"sensitive":true}},"description_kind":"plain"}},"resource_schemas":{"twilio_chat_fcm_credential":{"version":0,"block":{"attributes":{"date_created":{"type":"string","description_kind":"plain","computed":true},"date_updated":{"type":"string","description_kind":"plain","computed":true},"friendly_name":{"type":"string","description_kind":"plain","required":true},"id":{"type":"string","description_kind":"plain","optional":true,"computed":true},"secret":{"type":"string","description_kind":"plain","required":true},"url":{"type":"string","description_kind":"plain","computed":true}},"description_kind":"plain"}},"twilio_chat_service":{"version":0,"block":{"attributes":{"date_created":{"type":"string","description_kind":"plain","computed":true},"date_updated":{"type":"string","description_kind":"plain","computed":true},"friendly_name":{"type":"string","description_kind":"plain","required":true},"id":{"type":"string","description_kind":"plain","optional":true,"computed":true}},"block_types":{"additional_settings":{"nesting_mode":"list","block":{"attributes":{"consumption_report_interval":{"type":"number","description_kind":"plain","optional":true},"post_webhook_retry_count":{"type":"number","description_kind":"plain","optional":true},"pre_webhook_retry_count":{"type":"number","description_kind":"plain","optional":true},"reachability_enabled":{"type":"bool","description_kind":"plain","optional":true},"read_status_enabled":{"type":"bool","description_kind":"plain","optional":true},"typing_indicator_timeout":{"type":"number","description_kind":"plain","optional":true}},"description_kind":"plain"},"max_items":1},"limits":{"nesting_mode":"list","block":{"attributes":{"channel_members":{"type":"number","description_kind":"plain","optional":true},"user_channels":{"type":"number","description_kind":"plain","optional":true}},"description_kind":"plain"},"max_items":1},"notifications":{"nesting_mode":"list","block":{"attributes":{"log_enabled":{"type":"bool","description_kind":"plain","optional":true}},"block_types":{"added_to_channel":{"nesting_mode":"list","block":{"attributes":{"enabled":{"type":"bool","description_kind":"plain","optional":true},"sound":{"type":"string","description_kind":"plain","optional":true},"template":{"type":"string","description_kind":"plain","optional":true}},"description_kind":"plain"},"max_items":1},"invited_to_channel":{"nesting_mode":"list","block":{"attributes":{"enabled":{"type":"bool","description_kind":"plain","optional":true},"sound":{"type":"string","description_kind":"plain","optional":true},"template":{"type":"string","description_kind":"plain","optional":true}},"description_kind":"plain"},"max_items":1},"new_message":{"nesting_mode":"list","block":{"attributes":{"badge_count_enabled":{"type":"bool","description_kind":"plain","optional":true},"enabled":{"type":"bool","description_kind":"plain","optional":true},"sound":{"type":"string","description_kind":"plain","optional":true},"template":{"type":"string","description_kind":"plain","optional":true}},"description_kind":"plain"},"max_items":1},"removed_from_channel":{"nesting_mode":"list","block":{"attributes":{"enabled":{"type":"bool","description_kind":"plain","optional":true},"sound":{"type":"string","description_kind":"plain","optional":true},"template":{"type":"string","description_kind":"plain","optional":true}},"description_kind":"plain"},"max_items":1}},"description_kind":"plain"},"max_items":1},"roles":{"nesting_mode":"list","block":{"attributes":{"default_channel_creator_role":{"type":"string","description_kind":"plain","optional":true},"default_channel_role":{"type":"string","description_kind":"plain","optional":true},"default_service_role":{"type":"string","description_kind":"plain","optional":true}},"description_kind":"plain"},"max_items":1},"webhooks":{"nesting_mode":"list","block":{"attributes":{"events":{"type":["list","string"],"description_kind":"plain","optional":true},"method":{"type":"string","description_kind":"plain","optional":true},"post_hook_url":{"type":"string","description_kind":"plain","optional":true},"pre_hook_url":{"type":"string","description_kind":"plain","optional":true}},"description_kind":"plain"},"max_items":1}},"description_kind":"plain"}}}}}}
