{"format_version":"0.2","provider_schemas":{"registry.terraform.io/honkyjive/cloudhealth":{"provider":{"version":0,"block":{"attributes":{"api_key":{"type":"string","description":"API Key from CloudHealth.","description_kind":"plain","required":true},"timeout":{"type":"number","description":"API Timeout (in seconds).","description_kind":"plain","optional":true},"url":{"type":"string","description":"API URL","description_kind":"plain","optional":true}},"description_kind":"plain"}},"resource_schemas":{"cloudhealth_aws_account":{"version":0,"block":{"attributes":{"id":{"type":"string","description_kind":"plain","optional":true,"computed":true},"name":{"type":"string","description_kind":"plain","required":true}},"block_types":{"authentication":{"nesting_mode":"list","block":{"attributes":{"access_key":{"type":"string","description_kind":"plain","optional":true},"assume_role_arn":{"type":"string","description_kind":"plain","optional":true},"assume_role_external_id":{"type":"string","description_kind":"plain","optional":true,"computed":true},"protocol":{"type":"string","description_kind":"plain","required":true},"secret_key":{"type":"string","description_kind":"plain","optional":true}},"description_kind":"plain"},"min_items":1,"max_items":1}},"description_kind":"plain"}},"cloudhealth_perspective":{"version":0,"block":{"attributes":{"id":{"type":"string","description_kind":"plain","optional":true,"computed":true},"include_in_reports":{"type":"bool","description_kind":"plain","required":true},"name":{"type":"string","description_kind":"plain","required":true}},"block_types":{"constant":{"nesting_mode":"list","block":{"attributes":{"blk_id":{"type":"string","description_kind":"plain","optional":true,"computed":true},"constant_type":{"type":"string","description_kind":"plain","computed":true},"is_other":{"type":"string","description_kind":"plain","optional":true,"computed":true},"name":{"type":"string","description_kind":"plain","optional":true,"computed":true},"ref_id":{"type":"string","description_kind":"plain","computed":true},"val":{"type":"string","description_kind":"plain","optional":true,"computed":true}},"description_kind":"plain"}},"group":{"nesting_mode":"list","block":{"attributes":{"name":{"type":"string","description_kind":"plain","required":true},"ref_id":{"type":"string","description_kind":"plain","optional":true,"computed":true},"type":{"type":"string","description_kind":"plain","optional":true}},"block_types":{"rule":{"nesting_mode":"list","block":{"attributes":{"asset":{"type":"string","description_kind":"plain","required":true},"combine_with":{"type":"string","description_kind":"plain","optional":true},"field":{"type":["list","string"],"description_kind":"plain","optional":true},"tag_field":{"type":["list","string"],"description_kind":"plain","optional":true}},"block_types":{"condition":{"nesting_mode":"list","block":{"attributes":{"field":{"type":["list","string"],"description_kind":"plain","optional":true},"op":{"type":"string","description_kind":"plain","optional":true},"tag_field":{"type":["list","string"],"description_kind":"plain","optional":true},"val":{"type":"string","description_kind":"plain","optional":true}},"description_kind":"plain"}}},"description_kind":"plain"}}},"description_kind":"plain"}}},"description_kind":"plain"}}},"data_source_schemas":{"cloudhealth_aws_external_id":{"version":0,"block":{"attributes":{"external_id":{"type":"string","description_kind":"plain","computed":true},"id":{"type":"string","description_kind":"plain","optional":true,"computed":true}},"description_kind":"plain"}}}}}}
