{"format_version":"0.2","provider_schemas":{"registry.terraform.io/houndie/square":{"provider":{"version":0,"block":{"attributes":{"access_token":{"type":"string","description_kind":"plain","required":true},"environment":{"type":"string","description_kind":"plain","optional":true},"timeout":{"type":"number","description_kind":"plain","optional":true}},"description_kind":"plain"}},"resource_schemas":{"square_catalog_object":{"version":0,"block":{"attributes":{"absent_at_location_ids":{"type":["list","string"],"description_kind":"plain","optional":true},"id":{"type":"string","description_kind":"plain","optional":true,"computed":true},"image_id":{"type":"string","description_kind":"plain","optional":true},"present_at_all_locations":{"type":"bool","description_kind":"plain","optional":true},"present_at_location_ids":{"type":["list","string"],"description_kind":"plain","optional":true},"type":{"type":"string","description_kind":"plain","required":true},"version":{"type":"number","description_kind":"plain","optional":true,"computed":true}},"block_types":{"catalog_v1_ids":{"nesting_mode":"list","block":{"attributes":{"catalog_v1_id":{"type":"string","description_kind":"plain","required":true},"location_id":{"type":"string","description_kind":"plain","optional":true}},"description_kind":"plain"}},"category_data":{"nesting_mode":"set","block":{"attributes":{"name":{"type":"string","description_kind":"plain","required":true}},"description_kind":"plain"},"max_items":1},"custom_attribute_definition_data":{"nesting_mode":"set","block":{"attributes":{"app_visibility":{"type":"string","description_kind":"plain","optional":true},"description":{"type":"string","description_kind":"plain","optional":true},"key":{"type":"string","description_kind":"plain","optional":true},"name":{"type":"string","description_kind":"plain","required":true},"seller_visibility":{"type":"string","description_kind":"plain","optional":true},"type":{"type":"string","description_kind":"plain","required":true}},"block_types":{"number_config":{"nesting_mode":"set","block":{"attributes":{"precision":{"type":"number","description_kind":"plain","optional":true}},"description_kind":"plain"},"max_items":1},"selection_config":{"nesting_mode":"set","block":{"attributes":{"max_allowed_selections":{"type":"number","description_kind":"plain","optional":true}},"block_types":{"allowed_selections":{"nesting_mode":"list","block":{"attributes":{"name":{"type":"string","description_kind":"plain","required":true},"uid":{"type":"string","description_kind":"plain","computed":true}},"description_kind":"plain"}}},"description_kind":"plain"},"max_items":1},"string_config":{"nesting_mode":"set","block":{"attributes":{"enforce_uniqueness":{"type":"bool","description_kind":"plain","optional":true}},"description_kind":"plain"},"max_items":1}},"description_kind":"plain"},"max_items":1},"custom_attribute_values":{"nesting_mode":"list","block":{"attributes":{"boolean_value":{"type":"bool","description_kind":"plain","optional":true},"custom_attribute_definition_id":{"type":"string","description_kind":"plain","required":true},"key":{"type":"string","description_kind":"plain","required":true},"name":{"type":"string","description_kind":"plain","required":true},"number_value":{"type":"string","description_kind":"plain","optional":true},"selection_uid_values":{"type":["list","string"],"description_kind":"plain","optional":true},"string_value":{"type":"string","description_kind":"plain","optional":true},"type":{"type":"string","description_kind":"plain","required":true}},"description_kind":"plain"}},"discount_data":{"nesting_mode":"set","block":{"attributes":{"discount_type":{"type":"string","description_kind":"plain","required":true},"label_color":{"type":"string","description_kind":"plain","optional":true},"modify_tax_basis":{"type":"string","description_kind":"plain","optional":true},"name":{"type":"string","description_kind":"plain","required":true},"percentage":{"type":"string","description_kind":"plain","optional":true},"pin_required":{"type":"bool","description_kind":"plain","optional":true}},"block_types":{"amount_money":{"nesting_mode":"set","block":{"attributes":{"amount":{"type":"number","description_kind":"plain","required":true},"currency":{"type":"string","description_kind":"plain","required":true}},"description_kind":"plain"},"max_items":1}},"description_kind":"plain"},"max_items":1},"image_data":{"nesting_mode":"set","block":{"attributes":{"caption":{"type":"string","description_kind":"plain","optional":true},"name":{"type":"string","description_kind":"plain","required":true},"url":{"type":"string","description_kind":"plain","required":true}},"description_kind":"plain"},"max_items":1},"item_data":{"nesting_mode":"set","block":{"attributes":{"abbreviation":{"type":"string","description_kind":"plain","optional":true},"available_electronically":{"type":"bool","description_kind":"plain","optional":true},"available_for_pickup":{"type":"bool","description_kind":"plain","optional":true},"available_online":{"type":"bool","description_kind":"plain","optional":true},"category_id":{"type":"string","description_kind":"plain","optional":true},"description":{"type":"string","description_kind":"plain","optional":true},"label_color":{"type":"string","description_kind":"plain","optional":true},"name":{"type":"string","description_kind":"plain","required":true},"product_type":{"type":"string","description_kind":"plain","optional":true},"skip_modifier_screen":{"type":"bool","description_kind":"plain","optional":true},"tax_ids":{"type":["list","string"],"description_kind":"plain","optional":true}},"block_types":{"item_options":{"nesting_mode":"list","block":{"attributes":{"item_option_id":{"type":"string","description_kind":"plain","required":true}},"description_kind":"plain"}},"modifier_list_info":{"nesting_mode":"list","block":{"attributes":{"enabled":{"type":"bool","description_kind":"plain","optional":true},"max_selected_modifiers":{"type":"number","description_kind":"plain","optional":true},"min_selected_modifiers":{"type":"number","description_kind":"plain","optional":true},"modifer_list_id":{"type":"string","description_kind":"plain","required":true}},"block_types":{"modifier_overrides":{"nesting_mode":"list","block":{"attributes":{"modifier_id":{"type":"string","description_kind":"plain","required":true},"on_by_default":{"type":"bool","description_kind":"plain","optional":true}},"description_kind":"plain"}}},"description_kind":"plain"}}},"description_kind":"plain"},"max_items":1},"item_option_data":{"nesting_mode":"set","block":{"attributes":{"description":{"type":"string","description_kind":"plain","optional":true},"display_name":{"type":"string","description_kind":"plain","optional":true},"name":{"type":"string","description_kind":"plain","required":true},"show_colors":{"type":"bool","description_kind":"plain","optional":true}},"description_kind":"plain"},"max_items":1},"item_option_value_data":{"nesting_mode":"set","block":{"attributes":{"color":{"type":"string","description_kind":"plain","optional":true},"description":{"type":"string","description_kind":"plain","optional":true},"item_option_id":{"type":"string","description_kind":"plain","required":true},"name":{"type":"string","description_kind":"plain","required":true},"ordinal":{"type":"number","description_kind":"plain","optional":true}},"description_kind":"plain"},"max_items":1},"item_variation_data":{"nesting_mode":"set","block":{"attributes":{"available_for_booking":{"type":"bool","description_kind":"plain","optional":true},"inventory_alert_threshold":{"type":"number","description_kind":"plain","optional":true},"inventory_alert_type":{"type":"string","description_kind":"plain","optional":true},"item_id":{"type":"string","description_kind":"plain","required":true},"measurement_unit_id":{"type":"string","description_kind":"plain","optional":true},"name":{"type":"string","description_kind":"plain","required":true},"ordinal":{"type":"number","description_kind":"plain","optional":true},"pricing_type":{"type":"string","description_kind":"plain","required":true},"service_duration":{"type":"number","description_kind":"plain","optional":true},"sku":{"type":"string","description_kind":"plain","optional":true},"team_member_ids":{"type":["list","string"],"description_kind":"plain","optional":true},"track_inventory":{"type":"bool","description_kind":"plain","optional":true},"upc":{"type":"string","description_kind":"plain","optional":true},"user_data":{"type":"string","description_kind":"plain","optional":true}},"block_types":{"item_option_values":{"nesting_mode":"list","block":{"attributes":{"item_option_id":{"type":"string","description_kind":"plain","required":true},"item_option_value_id":{"type":"string","description_kind":"plain","required":true}},"description_kind":"plain"}},"location_overrides":{"nesting_mode":"list","block":{"attributes":{"inventory_alert_threshold":{"type":"number","description_kind":"plain","optional":true},"inventory_alert_type":{"type":"string","description_kind":"plain","optional":true},"location_id":{"type":"string","description_kind":"plain","required":true},"pricing_type":{"type":"string","description_kind":"plain","required":true},"track_inventory":{"type":"bool","description_kind":"plain","optional":true}},"block_types":{"price_money":{"nesting_mode":"set","block":{"attributes":{"amount":{"type":"number","description_kind":"plain","required":true},"currency":{"type":"string","description_kind":"plain","required":true}},"description_kind":"plain"},"min_items":1,"max_items":1}},"description_kind":"plain"}},"price_money":{"nesting_mode":"set","block":{"attributes":{"amount":{"type":"number","description_kind":"plain","required":true},"currency":{"type":"string","description_kind":"plain","required":true}},"description_kind":"plain"},"min_items":1,"max_items":1}},"description_kind":"plain"},"max_items":1},"measurement_unit_data":{"nesting_mode":"set","block":{"attributes":{"precision":{"type":"number","description_kind":"plain","required":true}},"block_types":{"measurement_unit":{"nesting_mode":"set","block":{"attributes":{"area_unit":{"type":"string","description_kind":"plain","optional":true},"generic_unit":{"type":"string","description_kind":"plain","optional":true},"length_unit":{"type":"string","description_kind":"plain","optional":true},"time_unit":{"type":"string","description_kind":"plain","optional":true},"type":{"type":"string","description_kind":"plain","required":true},"volume_unit":{"type":"string","description_kind":"plain","optional":true},"weight_unit":{"type":"string","description_kind":"plain","optional":true}},"block_types":{"custom_unit":{"nesting_mode":"set","block":{"attributes":{"abbreviation":{"type":"string","description_kind":"plain","required":true},"name":{"type":"string","description_kind":"plain","required":true}},"description_kind":"plain"},"max_items":1}},"description_kind":"plain"},"min_items":1,"max_items":1}},"description_kind":"plain"},"max_items":1},"modifier_data":{"nesting_mode":"set","block":{"attributes":{"modifier_list_id":{"type":"string","description_kind":"plain","required":true},"name":{"type":"string","description_kind":"plain","required":true},"ordinal":{"type":"number","description_kind":"plain","optional":true}},"block_types":{"price_money":{"nesting_mode":"set","block":{"attributes":{"amount":{"type":"number","description_kind":"plain","required":true},"currency":{"type":"string","description_kind":"plain","required":true}},"description_kind":"plain"},"min_items":1,"max_items":1}},"description_kind":"plain"},"max_items":1},"modifier_list_data":{"nesting_mode":"set","block":{"attributes":{"name":{"type":"string","description_kind":"plain","required":true},"ordinal":{"type":"number","description_kind":"plain","required":true},"selection_type":{"type":"string","description_kind":"plain","required":true}},"description_kind":"plain"},"max_items":1},"pricing_rule_data":{"nesting_mode":"set","block":{"attributes":{"discount_id":{"type":"string","description_kind":"plain","required":true},"exclude_products_id":{"type":"string","description_kind":"plain","optional":true},"exclude_strategy":{"type":"string","description_kind":"plain","optional":true},"match_products_id":{"type":"string","description_kind":"plain","required":true},"name":{"type":"string","description_kind":"plain","required":true},"time_period_ids":{"type":["list","string"],"description_kind":"plain","optional":true},"valid_from_date":{"type":"string","description_kind":"plain","optional":true},"valid_from_local_time":{"type":"string","description_kind":"plain","optional":true},"valid_until_date":{"type":"string","description_kind":"plain","optional":true},"valid_until_local_time":{"type":"string","description_kind":"plain","optional":true}},"description_kind":"plain"},"max_items":1},"product_set_data":{"nesting_mode":"set","block":{"attributes":{"all_products":{"type":"bool","description_kind":"plain","optional":true},"name":{"type":"string","description_kind":"plain","required":true},"product_ids_all":{"type":["list","string"],"description_kind":"plain","optional":true},"product_ids_any":{"type":["list","string"],"description_kind":"plain","optional":true},"quantity_exact":{"type":"number","description_kind":"plain","optional":true},"quantity_max":{"type":"number","description_kind":"plain","optional":true},"quantity_min":{"type":"number","description_kind":"plain","optional":true}},"description_kind":"plain"},"max_items":1},"quick_amounts_settings_data":{"nesting_mode":"set","block":{"attributes":{"eligible_for_auto_amounts":{"type":"bool","description_kind":"plain","optional":true},"option":{"type":"string","description_kind":"plain","required":true}},"block_types":{"amounts":{"nesting_mode":"list","block":{"attributes":{"ordinal":{"type":"number","description_kind":"plain","optional":true},"type":{"type":"string","description_kind":"plain","required":true}},"block_types":{"amount":{"nesting_mode":"set","block":{"attributes":{"amount":{"type":"number","description_kind":"plain","required":true},"currency":{"type":"string","description_kind":"plain","required":true}},"description_kind":"plain"},"min_items":1,"max_items":1}},"description_kind":"plain"}}},"description_kind":"plain"},"max_items":1},"subscription_plan_data":{"nesting_mode":"set","block":{"attributes":{"name":{"type":"string","description_kind":"plain","required":true}},"block_types":{"phases":{"nesting_mode":"list","block":{"attributes":{"cadence":{"type":"string","description_kind":"plain","required":true},"ordinal":{"type":"number","description_kind":"plain","optional":true},"periods":{"type":"number","description_kind":"plain","optional":true},"uid":{"type":"string","description_kind":"plain","computed":true}},"block_types":{"recurring_price_money":{"nesting_mode":"set","block":{"attributes":{"amount":{"type":"number","description_kind":"plain","required":true},"currency":{"type":"string","description_kind":"plain","required":true}},"description_kind":"plain"},"min_items":1,"max_items":1}},"description_kind":"plain"},"min_items":1}},"description_kind":"plain"},"max_items":1},"tax_data":{"nesting_mode":"set","block":{"attributes":{"applies_to_custom_amounts":{"type":"bool","description_kind":"plain","optional":true},"calculation_phase":{"type":"string","description_kind":"plain","required":true},"enabled":{"type":"bool","description_kind":"plain","optional":true},"inclusion_type":{"type":"string","description_kind":"plain","required":true},"name":{"type":"string","description_kind":"plain","required":true},"percentage":{"type":"string","description_kind":"plain","required":true}},"description_kind":"plain"},"max_items":1},"time_period_data":{"nesting_mode":"set","block":{"attributes":{"event":{"type":"string","description_kind":"plain","required":true}},"description_kind":"plain"},"max_items":1}},"description_kind":"plain"}}}}}}
