{"format_version":"0.2","provider_schemas":{"registry.terraform.io/hyphengroup/filesystem":{"provider":{"version":0,"block":{"description_kind":"plain"}},"resource_schemas":{"filesystem_file_reader":{"version":0,"block":{"attributes":{"contents":{"type":"string","description":"Raw file contents","description_kind":"plain","computed":true,"sensitive":true},"id":{"type":"string","description_kind":"plain","optional":true,"computed":true},"mode":{"type":"string","description":"File mode bits","description_kind":"plain","computed":true},"name":{"type":"string","description":"Basename of the file","description_kind":"plain","computed":true},"path":{"type":"string","description":"Path to read the file on disk","description_kind":"plain","required":true},"root":{"type":"string","description":"Path to the root of the module","description_kind":"plain","optional":true},"size":{"type":"number","description":"Size of the file in bytes","description_kind":"plain","computed":true}},"description_kind":"plain"}},"filesystem_file_writer":{"version":0,"block":{"attributes":{"contents":{"type":"string","description":"Raw file contents","description_kind":"plain","optional":true,"sensitive":true},"create_parent_dirs":{"type":"bool","description":"Create parent directories if they do not exist","description_kind":"plain","optional":true},"delete_on_destroy":{"type":"bool","description":"Delete the created file on destroy","description_kind":"plain","optional":true},"id":{"type":"string","description_kind":"plain","optional":true,"computed":true},"mode":{"type":"string","description":"File mode bits","description_kind":"plain","optional":true},"name":{"type":"string","description":"Basename of the file","description_kind":"plain","computed":true},"path":{"type":"string","description":"Path to write the file on disk","description_kind":"plain","required":true},"root":{"type":"string","description":"Path to the root of the module","description_kind":"plain","optional":true},"size":{"type":"number","description":"Size of the file in bytes","description_kind":"plain","computed":true}},"description_kind":"plain"}}}}}}
