{"format_version":"0.2","provider_schemas":{"registry.terraform.io/hypnoglow/oryhydra":{"provider":{"version":0,"block":{"attributes":{"oauth2_client_id":{"type":"string","description_kind":"plain","optional":true},"oauth2_client_secret":{"type":"string","description_kind":"plain","optional":true},"oauth2_token_url":{"type":"string","description_kind":"plain","optional":true},"url":{"type":"string","description_kind":"plain","required":true}},"description_kind":"plain"}},"resource_schemas":{"oryhydra_oauth2_client":{"version":0,"block":{"attributes":{"allowed_cors_origins":{"type":["list","string"],"description_kind":"plain","optional":true},"audience":{"type":["list","string"],"description_kind":"plain","optional":true},"client_id":{"type":"string","description_kind":"plain","optional":true,"computed":true},"client_metadata":{"type":["map","string"],"description_kind":"plain","optional":true},"client_name":{"type":"string","description_kind":"plain","optional":true},"client_secret":{"type":"string","description_kind":"plain","optional":true,"computed":true,"sensitive":true},"client_uri":{"type":"string","description_kind":"plain","optional":true},"contacts":{"type":["list","string"],"description_kind":"plain","optional":true},"grant_types":{"type":["list","string"],"description_kind":"plain","optional":true},"id":{"type":"string","description_kind":"plain","optional":true,"computed":true},"logo_uri":{"type":"string","description_kind":"plain","optional":true},"owner":{"type":"string","description_kind":"plain","optional":true},"policy_uri":{"type":"string","description_kind":"plain","optional":true},"post_logout_redirect_uris":{"type":["list","string"],"description_kind":"plain","optional":true},"redirect_uris":{"type":["list","string"],"description_kind":"plain","optional":true},"response_types":{"type":["list","string"],"description_kind":"plain","optional":true},"scopes":{"type":["list","string"],"description_kind":"plain","optional":true,"computed":true},"subject_type":{"type":"string","description_kind":"plain","optional":true,"computed":true},"token_endpoint_auth_method":{"type":"string","description_kind":"plain","optional":true,"computed":true},"tos_uri":{"type":"string","description_kind":"plain","optional":true}},"description_kind":"plain"}}}}}}
