{"format_version":"0.2","provider_schemas":{"registry.terraform.io/idealo/jira":{"provider":{"version":0,"block":{"attributes":{"password":{"type":"string","description":"Password/API Key of the user","description_kind":"plain","required":true,"sensitive":true},"url":{"type":"string","description":"Base url of the JIRA instance.","description_kind":"plain","required":true},"user":{"type":"string","description":"User to be used","description_kind":"plain","required":true}},"description_kind":"plain"}},"resource_schemas":{"jira_comment":{"version":0,"block":{"attributes":{"body":{"type":"string","description_kind":"plain","required":true},"id":{"type":"string","description_kind":"plain","optional":true,"computed":true},"issue_key":{"type":"string","description_kind":"plain","required":true}},"description_kind":"plain"}},"jira_filter":{"version":0,"block":{"attributes":{"description":{"type":"string","description_kind":"plain","optional":true},"favourite":{"type":"bool","description_kind":"plain","optional":true},"id":{"type":"string","description_kind":"plain","optional":true,"computed":true},"jql":{"type":"string","description_kind":"plain","required":true},"name":{"type":"string","description_kind":"plain","required":true}},"block_types":{"permissions":{"nesting_mode":"set","block":{"attributes":{"group_name":{"type":"string","description_kind":"plain","optional":true},"id":{"type":"string","description_kind":"plain","computed":true},"project_id":{"type":"string","description_kind":"plain","optional":true},"project_role_id":{"type":"string","description_kind":"plain","optional":true},"type":{"type":"string","description_kind":"plain","required":true}},"description_kind":"plain"}}},"description_kind":"plain"}},"jira_group":{"version":0,"block":{"attributes":{"id":{"type":"string","description_kind":"plain","optional":true,"computed":true},"name":{"type":"string","description_kind":"plain","required":true}},"description_kind":"plain"}},"jira_group_membership":{"version":0,"block":{"attributes":{"group":{"type":"string","description_kind":"plain","required":true},"id":{"type":"string","description_kind":"plain","optional":true,"computed":true},"username":{"type":"string","description_kind":"plain","required":true}},"description_kind":"plain"}},"jira_issue":{"version":0,"block":{"attributes":{"assignee":{"type":"string","description_kind":"plain","optional":true},"delete_transition":{"type":"string","description_kind":"plain","optional":true},"description":{"type":"string","description_kind":"plain","optional":true},"fields":{"type":["map","string"],"description_kind":"plain","optional":true},"id":{"type":"string","description_kind":"plain","optional":true,"computed":true},"issue_key":{"type":"string","description_kind":"plain","computed":true},"issue_type":{"type":"string","description_kind":"plain","required":true},"labels":{"type":["list","string"],"description_kind":"plain","optional":true},"parent":{"type":"string","description_kind":"plain","optional":true},"project_key":{"type":"string","description_kind":"plain","required":true},"reporter":{"type":"string","description_kind":"plain","optional":true},"state":{"type":"string","description_kind":"plain","optional":true},"state_transition":{"type":"string","description_kind":"plain","optional":true},"summary":{"type":"string","description_kind":"plain","required":true}},"description_kind":"plain"}},"jira_issue_link":{"version":0,"block":{"attributes":{"id":{"type":"string","description_kind":"plain","optional":true,"computed":true},"inward_key":{"type":"string","description_kind":"plain","required":true},"link_type":{"type":"string","description_kind":"plain","required":true},"outward_key":{"type":"string","description_kind":"plain","required":true}},"description_kind":"plain"}},"jira_issue_link_type":{"version":0,"block":{"attributes":{"id":{"type":"string","description_kind":"plain","optional":true,"computed":true},"inward":{"type":"string","description_kind":"plain","required":true},"name":{"type":"string","description_kind":"plain","required":true},"outward":{"type":"string","description_kind":"plain","required":true}},"description_kind":"plain"}},"jira_issue_type":{"version":0,"block":{"attributes":{"avatar_id":{"type":"number","description_kind":"plain","optional":true},"description":{"type":"string","description_kind":"plain","optional":true},"id":{"type":"string","description_kind":"plain","optional":true,"computed":true},"is_subtask":{"type":"bool","description_kind":"plain","optional":true},"name":{"type":"string","description_kind":"plain","required":true}},"description_kind":"plain"}},"jira_project":{"version":0,"block":{"attributes":{"assignee_type":{"type":"string","description_kind":"plain","optional":true},"avatar_id":{"type":"number","description_kind":"plain","optional":true},"category_id":{"type":"number","description_kind":"plain","optional":true},"description":{"type":"string","description_kind":"plain","optional":true},"id":{"type":"string","description_kind":"plain","optional":true,"computed":true},"issue_security_scheme":{"type":"number","description_kind":"plain","optional":true},"key":{"type":"string","description_kind":"plain","required":true},"lead":{"type":"string","description_kind":"plain","optional":true},"lead_account_id":{"type":"string","description_kind":"plain","optional":true},"name":{"type":"string","description_kind":"plain","required":true},"notification_scheme":{"type":"number","description_kind":"plain","optional":true},"permission_scheme":{"type":"number","description_kind":"plain","optional":true},"project_id":{"type":"number","description_kind":"plain","computed":true},"project_template_key":{"type":"string","description_kind":"plain","optional":true},"project_type_key":{"type":"string","description_kind":"plain","optional":true},"shared_configuration_project_id":{"type":"number","description_kind":"plain","optional":true},"url":{"type":"string","description_kind":"plain","optional":true}},"description_kind":"plain"}},"jira_project_category":{"version":0,"block":{"attributes":{"description":{"type":"string","description_kind":"plain","optional":true},"id":{"type":"string","description_kind":"plain","optional":true,"computed":true},"name":{"type":"string","description_kind":"plain","required":true}},"description_kind":"plain"}},"jira_project_membership":{"version":0,"block":{"attributes":{"group":{"type":"string","description_kind":"plain","optional":true},"id":{"type":"string","description_kind":"plain","optional":true,"computed":true},"project_key":{"type":"string","description_kind":"plain","required":true},"role_id":{"type":"number","description_kind":"plain","required":true},"username":{"type":"string","description_kind":"plain","optional":true}},"description_kind":"plain"}},"jira_role":{"version":0,"block":{"attributes":{"description":{"type":"string","description_kind":"plain","optional":true},"id":{"type":"string","description_kind":"plain","optional":true,"computed":true},"name":{"type":"string","description_kind":"plain","required":true}},"description_kind":"plain"}},"jira_user":{"version":0,"block":{"attributes":{"display_name":{"type":"string","description_kind":"plain","optional":true},"email":{"type":"string","description_kind":"plain","required":true},"id":{"type":"string","description_kind":"plain","optional":true,"computed":true},"name":{"type":"string","description_kind":"plain","required":true}},"description_kind":"plain"}},"jira_webhook":{"version":0,"block":{"attributes":{"events":{"type":["list","string"],"description_kind":"plain","optional":true},"exclude_body":{"type":"bool","description_kind":"plain","optional":true},"id":{"type":"string","description_kind":"plain","optional":true,"computed":true},"jql":{"type":"string","description_kind":"plain","optional":true},"name":{"type":"string","description_kind":"plain","required":true},"url":{"type":"string","description_kind":"plain","required":true}},"description_kind":"plain"}}},"data_source_schemas":{"jira_field":{"version":0,"block":{"attributes":{"clause_names":{"type":["list","string"],"description_kind":"plain","computed":true},"custom":{"type":"bool","description_kind":"plain","computed":true},"id":{"type":"string","description_kind":"plain","computed":true},"key":{"type":"string","description_kind":"plain","computed":true},"name":{"type":"string","description_kind":"plain","required":true},"navigable":{"type":"bool","description_kind":"plain","computed":true},"searchable":{"type":"bool","description_kind":"plain","computed":true}},"description_kind":"plain"}},"jira_jql":{"version":0,"block":{"attributes":{"id":{"type":"string","description_kind":"plain","optional":true,"computed":true},"issue_keys":{"type":["list","string"],"description_kind":"plain","computed":true},"jql":{"type":"string","description_kind":"plain","required":true}},"description_kind":"plain"}}}}}}
