{"format_version":"0.2","provider_schemas":{"registry.terraform.io/idealo/controltower":{"provider":{"version":0,"block":{"attributes":{"access_key":{"type":"string","description":"This is the AWS access key. It must be provided, but it can also be sourced from the `AWS_ACCESS_KEY_ID` environment variable, or via a shared credentials file if `profile` is specified.","description_kind":"markdown","optional":true},"max_retries":{"type":"number","description":"This is the maximum number of times an API call is retried, in the case where requests are being throttled or experiencing transient failures. The delay between the subsequent API calls increases exponentially. If omitted, the default value is `25`.","description_kind":"markdown","optional":true},"profile":{"type":"string","description":"This is the AWS profile name as set in the shared credentials file.","description_kind":"markdown","optional":true},"region":{"type":"string","description":"This is the AWS region. It must be provided, but it can also be sourced from the `AWS_DEFAULT_REGION` environment variables, or via a shared credentials file if `profile` is specified.","description_kind":"markdown","required":true},"secret_key":{"type":"string","description":"This is the AWS secret key. It must be provided, but it can also be sourced from the `AWS_SECRET_ACCESS_KEY` environment variable, or via a shared credentials file if `profile` is specified.","description_kind":"markdown","optional":true},"shared_credentials_file":{"type":"string","description":"This is the path to the shared credentials file. If this is not set and a profile is specified, `~/.aws/credentials` will be used.","description_kind":"markdown","optional":true},"skip_credentials_validation":{"type":"bool","description":"Skip the credentials validation via the STS API. Useful for AWS API implementations that do not have STS available or implemented.","description_kind":"markdown","optional":true},"skip_metadata_api_check":{"type":"bool","description":"Skip the AWS Metadata API check. Useful for AWS API implementations that do not have a metadata API endpoint. Setting to `true` prevents Terraform from authenticating via the Metadata API. You may need to use other authentication methods like static credentials, configuration variables, or environment variables.","description_kind":"markdown","optional":true},"skip_requesting_account_id":{"type":"bool","description":"Skip requesting the account ID. Useful for AWS API implementations that do not have the IAM, STS API, or metadata API.","description_kind":"markdown","optional":true},"token":{"type":"string","description":"Session token for validating temporary credentials. Typically provided after successful identity federation or Multi-Factor Authentication (MFA) login. With MFA login, this is the session token provided afterward, not the 6 digit MFA code used to get temporary credentials. It can also be sourced from the `AWS_SESSION_TOKEN` environment variable.","description_kind":"markdown","optional":true}},"block_types":{"assume_role":{"nesting_mode":"list","block":{"attributes":{"duration_seconds":{"type":"number","description":"Seconds to restrict the assume role session duration.","description_kind":"markdown","optional":true},"external_id":{"type":"string","description":"Unique identifier that might be required for assuming a role in another account.","description_kind":"markdown","optional":true},"policy":{"type":"string","description":"IAM Policy JSON describing further restricting permissions for the IAM Role being assumed.","description_kind":"markdown","optional":true},"policy_arns":{"type":["set","string"],"description":"Amazon Resource Names (ARNs) of IAM Policies describing further restricting permissions for the IAM Role being assumed.","description_kind":"markdown","optional":true},"role_arn":{"type":"string","description":"Amazon Resource Name of an IAM Role to assume prior to making API calls.","description_kind":"markdown","optional":true},"session_name":{"type":"string","description":"Identifier for the assumed role session.","description_kind":"markdown","optional":true},"tags":{"type":["map","string"],"description":"Assume role session tags.","description_kind":"markdown","optional":true},"transitive_tag_keys":{"type":["set","string"],"description":"Assume role session tag keys to pass to any subsequent sessions.","description_kind":"markdown","optional":true}},"description":"Settings for making use of the AWS Assume Role functionality.","description_kind":"markdown"},"max_items":1}},"description_kind":"plain"}},"resource_schemas":{"controltower_aws_account":{"version":0,"block":{"attributes":{"account_id":{"type":"string","description":"ID of the AWS account.","description_kind":"markdown","computed":true},"email":{"type":"string","description":"Root email of the account.","description_kind":"markdown","required":true},"id":{"type":"string","description_kind":"plain","optional":true,"computed":true},"name":{"type":"string","description":"Name of the account.","description_kind":"markdown","required":true},"organizational_unit":{"type":"string","description":"Name of the Organizational Unit under which the account resides.","description_kind":"markdown","required":true},"provisioned_product_name":{"type":"string","description":"Name of the service catalog product that is provisioned. Defaults to a slugified version of the account name.","description_kind":"markdown","optional":true,"computed":true},"tags":{"type":["map","string"],"description":"Key-value map of resource tags for the account.","description_kind":"markdown","optional":true}},"block_types":{"sso":{"nesting_mode":"list","block":{"attributes":{"email":{"type":"string","description":"Email address of the user. If you use automatic provisioning this email address should already exist in AWS SSO.","description_kind":"markdown","required":true},"first_name":{"type":"string","description":"First name of the user.","description_kind":"markdown","required":true},"last_name":{"type":"string","description":"Last name of the user.","description_kind":"markdown","required":true}},"description":"Assigned SSO user settings.","description_kind":"markdown"},"min_items":1,"max_items":1}},"description":"Provides an AWS account resource via Control Tower.","description_kind":"markdown"}}}}}}
