{"format_version":"0.2","provider_schemas":{"registry.terraform.io/igal-s/gitfile":{"provider":{"version":0,"block":{"description_kind":"plain"}},"resource_schemas":{"gitfile_checkout":{"version":0,"block":{"attributes":{"branch":{"type":"string","description_kind":"plain","optional":true},"head":{"type":"string","description_kind":"plain","computed":true},"id":{"type":"string","description_kind":"plain","optional":true,"computed":true},"path":{"type":"string","description_kind":"plain","optional":true},"repo":{"type":"string","description_kind":"plain","required":true}},"description_kind":"plain"}},"gitfile_commit":{"version":0,"block":{"attributes":{"checkout_dir":{"type":"string","description_kind":"plain","required":true},"commit_message":{"type":"string","description_kind":"plain","optional":true},"handle":{"type":"string","description_kind":"plain","required":true},"id":{"type":"string","description_kind":"plain","optional":true,"computed":true}},"description_kind":"plain"}},"gitfile_file":{"version":0,"block":{"attributes":{"checkout_dir":{"type":"string","description_kind":"plain","required":true},"contents":{"type":"string","description_kind":"plain","required":true},"id":{"type":"string","description_kind":"plain","optional":true,"computed":true},"path":{"type":"string","description_kind":"plain","required":true}},"description_kind":"plain"}},"gitfile_symlink":{"version":0,"block":{"attributes":{"checkout_dir":{"type":"string","description_kind":"plain","required":true},"id":{"type":"string","description_kind":"plain","optional":true,"computed":true},"path":{"type":"string","description_kind":"plain","required":true},"target":{"type":"string","description_kind":"plain","required":true}},"description_kind":"plain"}}}}}}
