{"format_version":"0.2","provider_schemas":{"registry.terraform.io/igor-feoktistov/flexbot":{"provider":{"version":0,"block":{"attributes":{"pass_phrase":{"type":"string","description_kind":"plain","optional":true,"sensitive":true},"synchronized_updates":{"type":"bool","description_kind":"plain","optional":true}},"block_types":{"compute":{"nesting_mode":"list","block":{"block_types":{"credentials":{"nesting_mode":"list","block":{"attributes":{"host":{"type":"string","description_kind":"plain","required":true},"password":{"type":"string","description_kind":"plain","required":true,"sensitive":true},"user":{"type":"string","description_kind":"plain","required":true}},"description_kind":"plain"},"min_items":1,"max_items":1}},"description_kind":"plain"},"max_items":1},"ipam":{"nesting_mode":"list","block":{"attributes":{"dns_zone":{"type":"string","description_kind":"plain","optional":true},"provider":{"type":"string","description_kind":"plain","required":true}},"block_types":{"credentials":{"nesting_mode":"list","block":{"attributes":{"dns_view":{"type":"string","description_kind":"plain","required":true},"host":{"type":"string","description_kind":"plain","required":true},"network_view":{"type":"string","description_kind":"plain","required":true},"password":{"type":"string","description_kind":"plain","required":true,"sensitive":true},"user":{"type":"string","description_kind":"plain","required":true},"wapi_version":{"type":"string","description_kind":"plain","required":true}},"description_kind":"plain"},"max_items":1}},"description_kind":"plain"},"max_items":1},"rancher_api":{"nesting_mode":"list","block":{"attributes":{"api_url":{"type":"string","description_kind":"plain","required":true},"cluster_id":{"type":"string","description_kind":"plain","required":true},"enabled":{"type":"bool","description_kind":"plain","optional":true},"insecure":{"type":"bool","description_kind":"plain","optional":true},"node_grace_timeout":{"type":"number","description_kind":"plain","optional":true},"token_key":{"type":"string","description_kind":"plain","required":true},"wait_for_node_timeout":{"type":"number","description_kind":"plain","optional":true}},"block_types":{"drain_input":{"nesting_mode":"list","block":{"attributes":{"delete_local_data":{"type":"bool","description_kind":"plain","optional":true},"force":{"type":"bool","description_kind":"plain","optional":true},"grace_period":{"type":"number","description_kind":"plain","optional":true},"ignore_daemon_sets":{"type":"bool","description_kind":"plain","optional":true},"timeout":{"type":"number","description_kind":"plain","optional":true}},"description_kind":"plain"},"max_items":1}},"description_kind":"plain"},"max_items":1},"storage":{"nesting_mode":"list","block":{"block_types":{"credentials":{"nesting_mode":"list","block":{"attributes":{"api_method":{"type":"string","description_kind":"plain","optional":true},"host":{"type":"string","description_kind":"plain","required":true},"password":{"type":"string","description_kind":"plain","required":true,"sensitive":true},"user":{"type":"string","description_kind":"plain","required":true},"zapi_version":{"type":"string","description_kind":"plain","optional":true}},"description_kind":"plain"},"min_items":1,"max_items":1}},"description_kind":"plain"},"max_items":1}},"description_kind":"plain"}},"resource_schemas":{"flexbot_repo":{"version":0,"block":{"attributes":{"id":{"type":"string","description_kind":"plain","optional":true,"computed":true},"images":{"type":["list","string"],"description_kind":"plain","optional":true,"computed":true},"templates":{"type":["list","string"],"description_kind":"plain","optional":true,"computed":true}},"block_types":{"image_repo":{"nesting_mode":"list","block":{"attributes":{"location":{"type":"string","description_kind":"plain","optional":true},"name":{"type":"string","description_kind":"plain","required":true}},"description_kind":"plain"}},"template_repo":{"nesting_mode":"list","block":{"attributes":{"location":{"type":"string","description_kind":"plain","optional":true},"name":{"type":"string","description_kind":"plain","required":true}},"description_kind":"plain"}},"timeouts":{"nesting_mode":"single","block":{"attributes":{"create":{"type":"string","description_kind":"plain","optional":true},"delete":{"type":"string","description_kind":"plain","optional":true},"update":{"type":"string","description_kind":"plain","optional":true}},"description_kind":"plain"}}},"description_kind":"plain"}},"flexbot_server":{"version":0,"block":{"attributes":{"cloud_args":{"type":["map","string"],"description_kind":"plain","optional":true},"id":{"type":"string","description_kind":"plain","optional":true,"computed":true},"labels":{"type":["map","string"],"description_kind":"plain","optional":true}},"block_types":{"compute":{"nesting_mode":"list","block":{"attributes":{"description":{"type":"string","description_kind":"plain","optional":true},"hostname":{"type":"string","description_kind":"plain","required":true},"label":{"type":"string","description_kind":"plain","optional":true},"powerstate":{"type":"string","description_kind":"plain","optional":true},"safe_removal":{"type":"bool","description_kind":"plain","optional":true},"sp_dn":{"type":"string","description_kind":"plain","optional":true,"computed":true},"sp_org":{"type":"string","description_kind":"plain","required":true},"sp_template":{"type":"string","description_kind":"plain","required":true},"ssh_node_bootdisk_resize_commands":{"type":["list","string"],"description_kind":"plain","optional":true},"ssh_node_datadisk_resize_commands":{"type":["list","string"],"description_kind":"plain","optional":true},"ssh_node_init_commands":{"type":["list","string"],"description_kind":"plain","optional":true},"ssh_private_key":{"type":"string","description_kind":"plain","optional":true,"sensitive":true},"ssh_user":{"type":"string","description_kind":"plain","optional":true},"wait_for_ssh_timeout":{"type":"number","description_kind":"plain","optional":true}},"block_types":{"blade_assigned":{"nesting_mode":"list","block":{"attributes":{"dn":{"type":"string","description_kind":"plain","optional":true,"computed":true},"model":{"type":"string","description_kind":"plain","optional":true,"computed":true},"num_of_cores":{"type":"string","description_kind":"plain","optional":true,"computed":true},"num_of_cpus":{"type":"string","description_kind":"plain","optional":true,"computed":true},"num_of_threads":{"type":"string","description_kind":"plain","optional":true,"computed":true},"serial":{"type":"string","description_kind":"plain","optional":true,"computed":true},"total_memory":{"type":"string","description_kind":"plain","optional":true,"computed":true}},"description_kind":"plain"},"max_items":1},"blade_spec":{"nesting_mode":"list","block":{"attributes":{"dn":{"type":"string","description_kind":"plain","optional":true,"computed":true},"model":{"type":"string","description_kind":"plain","optional":true},"num_of_cores":{"type":"string","description_kind":"plain","optional":true},"num_of_cpus":{"type":"string","description_kind":"plain","optional":true},"num_of_threads":{"type":"string","description_kind":"plain","optional":true},"total_memory":{"type":"string","description_kind":"plain","optional":true}},"description_kind":"plain"},"max_items":1}},"description_kind":"plain"},"min_items":1,"max_items":1},"network":{"nesting_mode":"list","block":{"block_types":{"iscsi_initiator":{"nesting_mode":"list","block":{"attributes":{"dns_server1":{"type":"string","description_kind":"plain","optional":true},"dns_server2":{"type":"string","description_kind":"plain","optional":true},"fqdn":{"type":"string","description_kind":"plain","optional":true,"computed":true},"gateway":{"type":"string","description_kind":"plain","optional":true},"initiator_name":{"type":"string","description_kind":"plain","optional":true,"computed":true},"ip":{"type":"string","description_kind":"plain","optional":true,"computed":true},"ip_range":{"type":"string","description_kind":"plain","optional":true},"name":{"type":"string","description_kind":"plain","required":true},"parameters":{"type":["map","string"],"description_kind":"plain","optional":true},"subnet":{"type":"string","description_kind":"plain","required":true}},"block_types":{"iscsi_target":{"nesting_mode":"list","block":{"attributes":{"interfaces":{"type":["list","string"],"description_kind":"plain","optional":true,"computed":true},"node_name":{"type":"string","description_kind":"plain","optional":true,"computed":true}},"description_kind":"plain"},"max_items":1}},"description_kind":"plain"},"min_items":1,"max_items":2},"node":{"nesting_mode":"list","block":{"attributes":{"dns_domain":{"type":"string","description_kind":"plain","optional":true},"dns_server1":{"type":"string","description_kind":"plain","optional":true},"dns_server2":{"type":"string","description_kind":"plain","optional":true},"dns_server3":{"type":"string","description_kind":"plain","optional":true},"fqdn":{"type":"string","description_kind":"plain","optional":true,"computed":true},"gateway":{"type":"string","description_kind":"plain","optional":true},"ip":{"type":"string","description_kind":"plain","optional":true,"computed":true},"ip_range":{"type":"string","description_kind":"plain","optional":true},"macaddr":{"type":"string","description_kind":"plain","optional":true,"computed":true},"name":{"type":"string","description_kind":"plain","required":true},"parameters":{"type":["map","string"],"description_kind":"plain","optional":true},"subnet":{"type":"string","description_kind":"plain","required":true}},"description_kind":"plain"},"min_items":1}},"description_kind":"plain"},"min_items":1,"max_items":1},"restore":{"nesting_mode":"list","block":{"attributes":{"restore":{"type":"bool","description_kind":"plain","optional":true},"snapshot_name":{"type":"string","description_kind":"plain","optional":true}},"description_kind":"plain"},"max_items":1},"snapshot":{"nesting_mode":"list","block":{"attributes":{"fsfreeze":{"type":"bool","description_kind":"plain","optional":true},"name":{"type":"string","description_kind":"plain","required":true}},"description_kind":"plain"}},"storage":{"nesting_mode":"list","block":{"attributes":{"auto_snapshot_on_update":{"type":"bool","description_kind":"plain","optional":true},"igroup_name":{"type":"string","description_kind":"plain","optional":true,"computed":true},"image_repo_name":{"type":"string","description_kind":"plain","optional":true,"computed":true},"snapshots":{"type":["list","string"],"description_kind":"plain","optional":true,"computed":true},"svm_name":{"type":"string","description_kind":"plain","optional":true,"computed":true},"volume_name":{"type":"string","description_kind":"plain","optional":true,"computed":true}},"block_types":{"boot_lun":{"nesting_mode":"list","block":{"attributes":{"id":{"type":"number","description_kind":"plain","optional":true,"computed":true},"name":{"type":"string","description_kind":"plain","optional":true,"computed":true},"os_image":{"type":"string","description_kind":"plain","required":true},"size":{"type":"number","description_kind":"plain","required":true}},"description_kind":"plain"},"min_items":1,"max_items":1},"data_lun":{"nesting_mode":"list","block":{"attributes":{"id":{"type":"number","description_kind":"plain","optional":true,"computed":true},"name":{"type":"string","description_kind":"plain","optional":true,"computed":true},"size":{"type":"number","description_kind":"plain","required":true}},"description_kind":"plain"},"max_items":1},"seed_lun":{"nesting_mode":"list","block":{"attributes":{"id":{"type":"number","description_kind":"plain","optional":true,"computed":true},"name":{"type":"string","description_kind":"plain","optional":true,"computed":true},"seed_template":{"type":"string","description_kind":"plain","required":true}},"description_kind":"plain"},"min_items":1,"max_items":1}},"description_kind":"plain"},"min_items":1,"max_items":1},"timeouts":{"nesting_mode":"single","block":{"attributes":{"create":{"type":"string","description_kind":"plain","optional":true},"delete":{"type":"string","description_kind":"plain","optional":true},"update":{"type":"string","description_kind":"plain","optional":true}},"description_kind":"plain"}}},"description_kind":"plain"}}},"data_source_schemas":{"flexbot_crypt":{"version":0,"block":{"attributes":{"decrypted":{"type":"string","description":"Decrypted sting in plain text","description_kind":"plain","optional":true,"computed":true,"sensitive":true},"encrypted":{"type":"string","description":"Encrypted string encoded in base64 format","description_kind":"plain","optional":true,"computed":true},"id":{"type":"string","description_kind":"plain","optional":true,"computed":true},"name":{"type":"string","description":"Entity string name","description_kind":"plain","required":true}},"description_kind":"plain"}}}}}}
