{"format_version":"0.2","provider_schemas":{"registry.terraform.io/imperva/incapsula":{"provider":{"version":0,"block":{"attributes":{"api_id":{"type":"string","description":"The API identifier for API operations. You can retrieve this\nfrom the Incapsula management console. Can be set via INCAPSULA_API_ID environment variable.","description_kind":"plain","optional":true},"api_key":{"type":"string","description":"The API key for API operations. You can retrieve this\nfrom the Incapsula management console. Can be set via INCAPSULA_API_KEY environment variable.","description_kind":"plain","optional":true},"base_url":{"type":"string","description":"The base URL for API operations. Used for provider development.","description_kind":"plain","optional":true},"base_url_api":{"type":"string","description":"The base URL (same as v2 but with different subdomain) for API operations. Used for provider development.","description_kind":"plain","optional":true},"base_url_rev_2":{"type":"string","description":"The base URL (revision 2) for API operations. Used for provider development.","description_kind":"plain","optional":true}},"description_kind":"plain"}},"resource_schemas":{"incapsula_account":{"version":0,"block":{"attributes":{"account_name":{"type":"string","description":"Account name.","description_kind":"plain","optional":true},"data_storage_region":{"type":"string","description":"Default data region of the account for newly created sites. Options are `APAC`, `EU`, `US` and `DEFAULT`. Defaults to `DEFAULT`.","description_kind":"plain","optional":true},"email":{"type":"string","description":"Email address. For example: joe@example.com.","description_kind":"plain","required":true},"error_page_template":{"type":"string","description":"Base64 encoded template for an error page.","description_kind":"plain","optional":true},"id":{"type":"string","description_kind":"plain","optional":true,"computed":true},"log_level":{"type":"string","description":"The log level. Options are `full`, `security`, and `none`.","description_kind":"plain","optional":true},"logs_account_id":{"type":"number","description":"Available only for Enterprise Plan customers that purchased the Logs Integration SKU. Numeric identifier of the account that purchased the logs integration SKU and which collects the logs. If not specified, operation will be performed on the account identified by the authentication parameters.","description_kind":"plain","optional":true},"naked_domain_san_for_new_www_sites":{"type":"string","description":"Add naked domain SAN to Incapsula SSL certificates for new www sites. Options are `true` and `false`. Defaults to `true`","description_kind":"plain","optional":true},"parent_id":{"type":"number","description":"The newly created account's parent id. If not specified, the invoking account will be assigned as the parent.","description_kind":"plain","optional":true,"computed":true},"plan_id":{"type":"string","description":"An identifier of the plan to assign to the new account. For example, ent100 for the Enterprise 100 plan.","description_kind":"plain","optional":true},"plan_name":{"type":"string","description":"Name of plan associate with account","description_kind":"plain","computed":true},"ref_id":{"type":"string","description":"Customer specific identifier for this operation.","description_kind":"plain","optional":true},"support_all_tls_versions":{"type":"string","description":"Allow sites in the account to support all TLS versions for connectivity between clients (visitors) and the Imperva service.","description_kind":"plain","optional":true},"support_level":{"type":"string","description":"Account support level","description_kind":"plain","computed":true},"trial_end_date":{"type":"string","description":"End date for trial account","description_kind":"plain","computed":true},"user_name":{"type":"string","description":"The account owner's name. For example: John Doe.","description_kind":"plain","optional":true},"wildcard_san_for_new_sites":{"type":"string","description":"Add wildcard SAN to Incapsula SSL certificates for new sites. Options are `true`, `false` and `default`. Defaults to `default`","description_kind":"plain","optional":true}},"description_kind":"plain"}},"incapsula_api_security_api_config":{"version":0,"block":{"attributes":{"api_specification":{"type":"string","description":"The API specification document content. The supported format is OAS2 or OAS3","description_kind":"plain","required":true},"base_path":{"type":"string","description":"Override the spec basePath / server base path with this value","description_kind":"plain","optional":true,"computed":true},"description":{"type":"string","description":"A description that will help recognize the API in the dashboard","description_kind":"plain","optional":true},"host_name":{"type":"string","description":"The host name from the swagger file","description_kind":"plain","computed":true},"id":{"type":"string","description_kind":"plain","optional":true,"computed":true},"invalid_method_violation_action":{"type":"string","description":"The action taken when an invalid method Violation occurs. Possible values: ALERT_ONLY, BLOCK_REQUEST, BLOCK_USER, BLOCK_IP, IGNORE, DEFAULT. Assigning DEFAULT will inherit the action from parent object","description_kind":"plain","optional":true},"invalid_param_name_violation_action":{"type":"string","description":"The violation action taken when invalid request parameter name was sent. Possible values: ALERT_ONLY, BLOCK_REQUEST, BLOCK_USER, BLOCK_IP, IGNORE, DEFAULT. Assigning DEFAULT will inherit the action from parent object","description_kind":"plain","optional":true},"invalid_param_value_violation_action":{"type":"string","description":"The action taken when an invalid parameter value Violation occurs. Possible values: ALERT_ONLY, BLOCK_REQUEST, BLOCK_USER, BLOCK_IP, IGNORE, DEFAULT. Assigning DEFAULT will inherit the action from parent object","description_kind":"plain","optional":true},"invalid_url_violation_action":{"type":"string","description":"The violation action taken when invalid URL was used. Possible values: ALERT_ONLY, BLOCK_REQUEST, BLOCK_USER, BLOCK_IP, IGNORE, DEFAULT. Assigning DEFAULT will inherit the action from parent object","description_kind":"plain","optional":true},"last_modified":{"type":"number","description":"The last modified timestamp","description_kind":"plain","computed":true},"missing_param_violation_action":{"type":"string","description":"The action taken when a missing parameter Violation occurs. Possible values: ALERT_ONLY, BLOCK_REQUEST, BLOCK_USER, BLOCK_IP, IGNORE, DEFAULT. Assigning DEFAULT will inherit the action from parent object","description_kind":"plain","optional":true},"site_id":{"type":"number","description":"Numeric identifier of the site to operate on. ","description_kind":"plain","required":true}},"description_kind":"plain"}},"incapsula_api_security_endpoint_config":{"version":0,"block":{"attributes":{"api_id":{"type":"number","description":"The site ID which API security is configured on.","description_kind":"plain","required":true},"id":{"type":"string","description_kind":"plain","optional":true,"computed":true},"invalid_param_name_violation_action":{"type":"string","description":"The action taken when an invalid parameter name Violation occurs. Possible values: ALERT_ONLY, BLOCK_REQUEST, BLOCK_USER, BLOCK_IP, IGNORE, DEFAULT. Assigning DEFAULT will inherit the action from parent object.","description_kind":"plain","optional":true},"invalid_param_value_violation_action":{"type":"string","description":"The action taken when an invalid parameter value Violation occurs. Possible values: ALERT_ONLY, BLOCK_REQUEST, BLOCK_USER, BLOCK_IP, IGNORE, DEFAULT. Assigning DEFAULT will inherit the action from parent object.","description_kind":"plain","optional":true},"method":{"type":"string","description":"HTTP method that describes a specific endpoint. Possible values: POST, GET, PUT, PATCH, DELETE, HEAD, OPTIONS","description_kind":"plain","required":true},"missing_param_violation_action":{"type":"string","description":"The action taken when an invalid URL Violation occurs. Possible values: ALERT_ONLY, BLOCK_REQUEST, BLOCK_USER, BLOCK_IP, IGNORE, DEFAULT. Assigning DEFAULT will inherit the action from parent object.","description_kind":"plain","optional":true},"path":{"type":"string","description":"An URL path of specific endpoint ","description_kind":"plain","required":true}},"description_kind":"plain"}},"incapsula_api_security_site_config":{"version":0,"block":{"attributes":{"id":{"type":"string","description_kind":"plain","optional":true,"computed":true},"invalid_method_violation_action":{"type":"string","description":"The action taken when an invalid method Violation occurs. Possible values: ALERT_ONLY, BLOCK_REQUEST, BLOCK_USER, BLOCK_IP, IGNORE, DEFAULT.","description_kind":"plain","optional":true},"invalid_param_name_violation_action":{"type":"string","description":"The action taken when an invalid parameter value Violation occurs. Possible values: ALERT_ONLY, BLOCK_REQUEST, BLOCK_USER, BLOCK_IP, IGNORE, DEFAULT.","description_kind":"plain","optional":true},"invalid_param_value_violation_action":{"type":"string","description":"The action taken when an invalid parameter value Violation occurs. Possible values: ALERT_ONLY, BLOCK_REQUEST, BLOCK_USER, BLOCK_IP, IGNORE, DEFAULT.","description_kind":"plain","optional":true},"invalid_url_violation_action":{"type":"string","description":"The action taken when an invalid URL Violation occurs. Possible values: ALERT_ONLY, BLOCK_REQUEST, BLOCK_USER, BLOCK_IP, IGNORE.","description_kind":"plain","optional":true},"is_api_only_site":{"type":"bool","description":"Apply positive security model for all traffic on the site. Applying the positive security model for all traffic on the site may lead to undesired request blocking.","description_kind":"plain","optional":true},"is_automatic_discovery_api_integration_enabled":{"type":"bool","description":"Parameter shows whether automatic API discovery is enabled","description_kind":"plain","required":true},"last_modified":{"type":"number","description":"The last modified timestamp","description_kind":"plain","computed":true},"missing_param_violation_action":{"type":"string","description":"The action taken when a missing parameter Violation occurs. Possible values: ALERT_ONLY, BLOCK_REQUEST, BLOCK_USER, BLOCK_IP, IGNORE, DEFAULT.","description_kind":"plain","optional":true},"non_api_request_violation_action":{"type":"string","description":"Action to be taken for traffic on the site that does not target the uploaded APIs. Possible values: ALERT_ONLY, BLOCK_REQUEST, BLOCK_USER, BLOCK_IP, IGNORE.","description_kind":"plain","optional":true},"site_id":{"type":"number","description":"The Site ID of the the site the API security is configured on.","description_kind":"plain","required":true}},"description_kind":"plain"}},"incapsula_cache_rule":{"version":0,"block":{"attributes":{"action":{"type":"string","description":"Rule action. See the detailed descriptions in the API documentation. Possible values: `HTTP_CACHE_MAKE_STATIC`, `HTTP_CACHE_CLIENT_CACHE_CTL`, `HTTP_CACHE_FORCE_UNCACHEABLE`, `HTTP_CACHE_ADD_TAG`, `HTTP_CACHE_DIFFERENTIATE_SSL`, `HTTP_CACHE_DIFFERENTIATE_BY_HEADER`, `HTTP_CACHE_DIFFERENTIATE_BY_COOKIE`, `HTTP_CACHE_DIFFERENTIATE_BY_GEO`, `HTTP_CACHE_IGNORE_PARAMS`, `HTTP_CACHE_ENRICH_CACHE_KEY`, `HTTP_CACHE_FORCE_VALIDATION`, `HTTP_CACHE_IGNORE_AUTH_HEADER`.","description_kind":"plain","required":true},"differentiate_by_value":{"type":"string","description":"Value to differentiate resources by. Relevant for `HTTP_CACHE_DIFFERENTIATE_BY_HEADER`, `HTTP_CACHE_DIFFERENTIATE_BY_COOKIE` and `HTTP_CACHE_DIFFERENTIATE_BY_GEO` actions.","description_kind":"plain","optional":true},"enabled":{"type":"bool","description":"Boolean that specifies if the rule should be enabled.","description_kind":"plain","required":true},"filter":{"type":"string","description":"The filter defines the conditions that trigger the rule action, if left empty, the rule is always run.","description_kind":"plain","required":true},"id":{"type":"string","description_kind":"plain","optional":true,"computed":true},"ignored_params":{"type":"string","description":"Parameters to ignore. Relevant for `HTTP_CACHE_IGNORE_PARAMS` action. An array containing `'*'` means all parameters are ignored.","description_kind":"plain","optional":true},"name":{"type":"string","description":"Rule name","description_kind":"plain","required":true},"site_id":{"type":"string","description":"Numeric identifier of the site to operate on.","description_kind":"plain","required":true},"text":{"type":"string","description":"Tag name if action is `HTTP_CACHE_ADD_TAG` action, text to be added to the cache key as suffix if action is `HTTP_CACHE_ENRICH_CACHE_KEY`.","description_kind":"plain","optional":true},"ttl":{"type":"number","description":"TTL in seconds. Relevant for `HTTP_CACHE_MAKE_STATIC` and `HTTP_CACHE_CLIENT_CACHE_CTL` actions.","description_kind":"plain","optional":true}},"description_kind":"plain"}},"incapsula_custom_certificate":{"version":0,"block":{"attributes":{"certificate":{"type":"string","description":"The certificate file in base64 format.","description_kind":"plain","required":true},"id":{"type":"string","description_kind":"plain","optional":true,"computed":true},"passphrase":{"type":"string","description":"The passphrase used to protect your SSL certificate. This will be encoded in sha256 in terraform state.","description_kind":"plain","optional":true,"sensitive":true},"private_key":{"type":"string","description":"The private key of the certificate in base64 format. Optional in case of PFX certificate file format. This will be encoded in sha256 in terraform state.","description_kind":"plain","optional":true,"sensitive":true},"site_id":{"type":"string","description":"Numeric identifier of the site to operate on.","description_kind":"plain","required":true}},"description_kind":"plain"}},"incapsula_data_center":{"version":0,"block":{"attributes":{"id":{"type":"string","description_kind":"plain","optional":true,"computed":true},"is_content":{"type":"string","description":"The data center will be available for specific resources (Forward Delivery Rules).","description_kind":"plain","optional":true,"computed":true},"is_enabled":{"type":"string","description":"Enables the data center.","description_kind":"plain","optional":true},"name":{"type":"string","description":"The new data center's name.","description_kind":"plain","required":true},"server_address":{"type":"string","description":"The server's address. Possible values: IP, CNAME.","description_kind":"plain","required":true},"site_id":{"type":"string","description":"Numeric identifier of the site to operate on.","description_kind":"plain","required":true}},"block_types":{"timeouts":{"nesting_mode":"single","block":{"attributes":{"create":{"type":"string","description_kind":"plain","optional":true},"delete":{"type":"string","description_kind":"plain","optional":true},"update":{"type":"string","description_kind":"plain","optional":true}},"description_kind":"plain"}}},"description_kind":"plain"}},"incapsula_data_center_server":{"version":0,"block":{"attributes":{"dc_id":{"type":"string","description":"Numeric identifier of the data center server to operate on.","description_kind":"plain","required":true},"id":{"type":"string","description_kind":"plain","optional":true,"computed":true},"is_enabled":{"type":"string","description":"Enables the data center server.","description_kind":"plain","optional":true},"is_standby":{"type":"string","description":"Set the server as Active (P0) or Standby (P1).","description_kind":"plain","optional":true},"server_address":{"type":"string","description":"The server's address.","description_kind":"plain","optional":true},"site_id":{"type":"string","description":"Numeric identifier of the site to operate on.","description_kind":"plain","required":true}},"description_kind":"plain"}},"incapsula_data_centers_configuration":{"version":0,"block":{"attributes":{"fail_over_required_monitors":{"type":"string","description":"How many Imperva PoPs should assess Data Center as down before failover is performed.","description_kind":"plain","optional":true},"id":{"type":"string","description_kind":"plain","optional":true,"computed":true},"is_persistent":{"type":"bool","description":"When true our proxy servers will maintain session stickiness to origin servers by a cookie.","description_kind":"plain","optional":true},"kickstart_password":{"type":"string","description":"Password, if required by the kickstart URL.","description_kind":"plain","optional":true},"kickstart_url":{"type":"string","description":"The URL that will be sent to the standby server when Imperva performs failover based on our monitoring. E.g. https://www.example.com/kickStart","description_kind":"plain","optional":true},"kickstart_user":{"type":"string","description":"User name, if required by the kickstart URL.","description_kind":"plain","optional":true},"min_available_servers_for_dc_up":{"type":"number","description":"The minimal number of available data center's servers to consider that data center as UP","description_kind":"plain","optional":true},"site_id":{"type":"string","description":"Numeric identifier of the site to operate on.","description_kind":"plain","required":true},"site_lb_algorithm":{"type":"string","description":"How to load balance between multiple Data Centers.","description_kind":"plain","optional":true},"site_topology":{"type":"string","description":"One of: 'SINGLE_SERVER' - No LB supported, 'SINGLE_DC' - Multiple servers on single Data Center, or 'MULTIPLE_DC' - Multiple Data Centers having multiple origin servers.","description_kind":"plain","optional":true}},"block_types":{"data_center":{"nesting_mode":"set","block":{"attributes":{"dc_id":{"type":"number","description":"Internal Data Center id.","description_kind":"plain","computed":true},"dc_lb_algorithm":{"type":"string","description":"How to load balance between the servers of this data center.","description_kind":"plain","optional":true},"geo_locations":{"type":"string","description":"List of geo regions that this data center will serve. Mandatory if site_lb_algorithm = GEO_PREFERRED or GEO_REQUIRED. E.g. \"ASIA,AFRICA\"","description_kind":"plain","optional":true},"ip_mode":{"type":"string","description":"SINGLE_IP supports multiple processes on same origin server each listening to a different port, MULTIPLE_IP support multiple origin servers all listening to same port.","description_kind":"plain","optional":true},"is_active":{"type":"bool","description":"Specifies if the Data Center is an active or a standby Data Center. No more than one standby Data Center can be defined.","description_kind":"plain","optional":true},"is_content":{"type":"bool","description":"When true, this data center will only handle requests that were routed to it using application delivery forward rules. If true, must be an enabled data center.","description_kind":"plain","optional":true},"is_enabled":{"type":"bool","description":"Specifies if the Data Center is enabled.","description_kind":"plain","optional":true},"is_rest_of_the_world":{"type":"bool","description":"When true and site_lb_algorithm = GEO_PREFERRED or GEO_REQUIRED, exactly one data center must have is_rest_of_the_world = true. This data center will handle traffic from any region that is not assigned to a specific data center.","description_kind":"plain","optional":true},"name":{"type":"string","description":"Data Center name","description_kind":"plain","required":true},"origin_pop":{"type":"string","description":"The ID of the PoP that serves as an access point between Imperva and the customer’s origin server. E.g. \"lax\", for Los Angeles. When not specified, all Imperva PoPs can send traffic to this data center. The list of available PoPs is documented at: https://docs.imperva.com/bundle/cloud-application-security/page/more/pops.htm","description_kind":"plain","optional":true},"web_servers_per_server":{"type":"number","description":"When IP mode = SINGLE_IP, number of web servers (processes) per server. Each web server listens to different port. E.g. when web_servers_per_server = 5, HTTP traffic will use ports 80-84 while HTTPS traffic will use ports 443-447","description_kind":"plain","optional":true},"weight":{"type":"number","description":"When site_lb_algorithm = WEIGHTED_LB, the weight in pecentage of this Data Center. Then, total weight of all Data Centers must be 100.","description_kind":"plain","optional":true}},"block_types":{"origin_server":{"nesting_mode":"set","block":{"attributes":{"address":{"type":"string","description":"Origin server address. can be specified as IPv4, IPv6, or DNS host name.","description_kind":"plain","required":true},"is_active":{"type":"bool","description":"Specifies if the origin server is an active or a standby origin server.","description_kind":"plain","optional":true},"is_enabled":{"type":"bool","description":"Specifies if the origin server is enabled.","description_kind":"plain","optional":true},"weight":{"type":"number","description":"When dc_lb_algorithm = WEIGHTED, the weight in pecentage of this origin server. Then, total weight of all origin server on each Data Center must be 100.","description_kind":"plain","optional":true}},"description":"A set of Origin Servers","description_kind":"plain"},"min_items":1}},"description":"A set of Data Centers and their Origin Servers","description_kind":"plain"},"min_items":1}},"description_kind":"plain"}},"incapsula_incap_rule":{"version":0,"block":{"attributes":{"action":{"type":"string","description":"Rule action. See the detailed descriptions in the API documentation. Possible values: `RULE_ACTION_REDIRECT`, `RULE_ACTION_SIMPLIFIED_REDIRECT`, `RULE_ACTION_REWRITE_URL`, `RULE_ACTION_REWRITE_HEADER`, `RULE_ACTION_REWRITE_COOKIE`, `RULE_ACTION_DELETE_HEADER`, `RULE_ACTION_DELETE_COOKIE`, `RULE_ACTION_RESPONSE_REWRITE_HEADER`, `RULE_ACTION_RESPONSE_DELETE_HEADER`, `RULE_ACTION_RESPONSE_REWRITE_RESPONSE_CODE`, `RULE_ACTION_FORWARD_TO_DC`, `RULE_ACTION_ALERT`, `RULE_ACTION_BLOCK`, `RULE_ACTION_BLOCK_USER`, `RULE_ACTION_BLOCK_IP`, `RULE_ACTION_RETRY`, `RULE_ACTION_INTRUSIVE_HTML`, `RULE_ACTION_CAPTCHA`, `RULE_ACTION_RATE`, `RULE_ACTION_CUSTOM_ERROR_RESPONSE`","description_kind":"plain","required":true},"add_missing":{"type":"bool","description":"Add cookie or header if it doesn't exist (Rewrite cookie rule only).","description_kind":"plain","optional":true},"dc_id":{"type":"number","description":"Data center to forward request to. Applies only for `RULE_ACTION_FORWARD_TO_DC`.","description_kind":"plain","optional":true},"error_response_data":{"type":"string","description":"The response returned when the request matches the filter and is blocked. Applies only for `RULE_ACTION_CUSTOM_ERROR_RESPONSE`.","description_kind":"plain","optional":true},"error_response_format":{"type":"string","description":"The format of the given error response in the error_response_data field. Applies only for `RULE_ACTION_CUSTOM_ERROR_RESPONSE`. Possible values: `json`, `xml`.","description_kind":"plain","optional":true},"error_type":{"type":"string","description":"The error that triggers the rule. `error.type.all` triggers the rule regardless of the error type. Applies only for `RULE_ACTION_CUSTOM_ERROR_RESPONSE`. Possible values: `error.type.all`, `error.type.connection_timeout`, `error.type.access_denied`, `error.type.parse_req_error`, `error.type.parse_resp_error`, `error.type.connection_failed`, `error.type.deny_and_retry`, `error.type.ssl_failed`, `error.type.deny_and_captcha`, `error.type.2fa_required`, `error.type.no_ssl_config`, `error.type.no_ipv6_config`.","description_kind":"plain","optional":true},"filter":{"type":"string","description":"The filter defines the conditions that trigger the rule action. For action `RULE_ACTION_SIMPLIFIED_REDIRECT` filter is not relevant. For other actions, if left empty, the rule is always run.","description_kind":"plain","optional":true},"from":{"type":"string","description":"Pattern to rewrite. For `RULE_ACTION_REWRITE_URL` - Url to rewrite. For `RULE_ACTION_REWRITE_HEADER` and `RULE_ACTION_RESPONSE_REWRITE_HEADER` - Header value to rewrite. For `RULE_ACTION_REWRITE_COOKIE` - Cookie value to rewrite.","description_kind":"plain","optional":true},"id":{"type":"string","description_kind":"plain","optional":true,"computed":true},"multiple_deletions":{"type":"bool","description":"Delete multiple header occurrences. Applies only to rules using `RULE_ACTION_DELETE_HEADER` and `RULE_ACTION_RESPONSE_DELETE_HEADER`.","description_kind":"plain","optional":true},"name":{"type":"string","description":"Rule name","description_kind":"plain","required":true},"override_waf_action":{"type":"string","description":"The action for the override rule. Possible values: Alert Only, Block Request, Block User, Block IP, Ignore.","description_kind":"plain","optional":true},"override_waf_rule":{"type":"string","description":"The setting to override. Possible values: SQL Injection, Remote File Inclusion, Cross Site Scripting, Illegal Resource Access.","description_kind":"plain","optional":true},"port_forwarding_context":{"type":"string","description":"Context for port forwarding. \"Use Port Value\" or \"Use Header Name\". Applies only for `RULE_ACTION_FORWARD_TO_PORT`.","description_kind":"plain","optional":true},"port_forwarding_value":{"type":"string","description":"Port number or header name for port forwarding. Applies only for `RULE_ACTION_FORWARD_TO_PORT`.","description_kind":"plain","optional":true},"rate_context":{"type":"string","description":"The context of the rate counter. Possible values `IP` or `Session`. Applies only to rules using `RULE_ACTION_RATE`.","description_kind":"plain","optional":true},"rate_interval":{"type":"number","description":"The interval in seconds of the rate counter. Possible values is a multiple of `10`; minimum `10` and maximum `300`. Applies only to rules using `RULE_ACTION_RATE`.","description_kind":"plain","optional":true},"response_code":{"type":"number","description":"For `RULE_ACTION_REDIRECT` or `RULE_ACTION_SIMPLIFIED_REDIRECT` rule's response code, valid values are `302`, `301`, `303`, `307`, `308`. For `RULE_ACTION_RESPONSE_REWRITE_RESPONSE_CODE` rule's response code, valid values are all 3-digits numbers. For `RULE_ACTION_CUSTOM_ERROR_RESPONSE`, valid values are `400`, `401`, `402`, `403`, `404`, `405`, `406`, `407`, `408`, `409`, `410`, `411`, `412`, `413`, `414`, `415`, `416`, `417`, `419`, `420`, `422`, `423`, `424`, `500`, `501`, `502`, `503`, `504`, `505`, `507`.","description_kind":"plain","optional":true},"rewrite_name":{"type":"string","description":"Name of cookie or header to rewrite. Applies only for `RULE_ACTION_REWRITE_COOKIE`, `RULE_ACTION_REWRITE_HEADER` and `RULE_ACTION_RESPONSE_REWRITE_HEADER`.","description_kind":"plain","optional":true},"site_id":{"type":"string","description":"Numeric identifier of the site to operate on.","description_kind":"plain","required":true},"to":{"type":"string","description":"Pattern to change to. `RULE_ACTION_REWRITE_URL` - Url to change to. `RULE_ACTION_REWRITE_HEADER` and `RULE_ACTION_RESPONSE_REWRITE_HEADER` - Header value to change to. `RULE_ACTION_REWRITE_COOKIE` - Cookie value to change to.","description_kind":"plain","optional":true}},"description_kind":"plain"}},"incapsula_origin_pop":{"version":0,"block":{"attributes":{"dc_id":{"type":"number","description":"Numeric identifier of the data center.","description_kind":"plain","required":true},"id":{"type":"string","description_kind":"plain","optional":true,"computed":true},"origin_pop":{"type":"string","description":"The Origin POP code (must be lowercase), e.g: iad. Note, this field is create/update only. Reads are not supported as the API doesn't exist yet. Note that drift may happen.","description_kind":"plain","required":true},"site_id":{"type":"number","description":"Numeric identifier of the site.","description_kind":"plain","required":true}},"description_kind":"plain"}},"incapsula_policy":{"version":0,"block":{"attributes":{"account_id":{"type":"number","description":"The Account ID of the policy.","description_kind":"plain","optional":true,"computed":true},"description":{"type":"string","description":"The policy description.","description_kind":"plain","optional":true},"enabled":{"type":"bool","description":"Enables the policy.","description_kind":"plain","required":true},"id":{"type":"string","description_kind":"plain","optional":true,"computed":true},"name":{"type":"string","description":"The policy name.","description_kind":"plain","required":true},"policy_settings":{"type":"string","description":"The policy settings as JSON string. See Imperva documentation for help with constructing a correct value.","description_kind":"plain","required":true},"policy_type":{"type":"string","description":"The policy type. Possible values: ACL, WHITELIST.","description_kind":"plain","required":true}},"description_kind":"plain"}},"incapsula_policy_asset_association":{"version":0,"block":{"attributes":{"asset_id":{"type":"string","description":"The Asset ID for the asset association. Only type of asset supported at the moment is site.","description_kind":"plain","required":true},"asset_type":{"type":"string","description":"The Policy type for the asset association. Only value at the moment is `WEBSITE`.","description_kind":"plain","required":true},"id":{"type":"string","description_kind":"plain","optional":true,"computed":true},"policy_id":{"type":"string","description":"The Policy ID for the asset association.","description_kind":"plain","required":true}},"description_kind":"plain"}},"incapsula_security_rule_exception":{"version":0,"block":{"attributes":{"client_app_types":{"type":"string","description":"A comma separated list of client application types,","description_kind":"plain","optional":true},"client_apps":{"type":"string","description":"A comma separated list of client application IDs.","description_kind":"plain","optional":true},"continents":{"type":"string","description":"A comma separated list of continent codes.","description_kind":"plain","optional":true},"countries":{"type":"string","description":"A comma separated list of country codes.","description_kind":"plain","optional":true},"exception_id_only":{"type":"string","description":"The id (an integer) of the whitelist to be set. This field is optional - in case no id is supplied, a new whitelist will be created.","description_kind":"plain","optional":true},"id":{"type":"string","description_kind":"plain","optional":true,"computed":true},"ips":{"type":"string","description":"A comma separated list of IPs or IP ranges, e.g: 192.168.1.1, 192.168.1.1-192.168.1.100 or 192.168.1.1/24","description_kind":"plain","optional":true},"parameters":{"type":"string","description":"A comma separated list of encoded parameters.","description_kind":"plain","optional":true},"rule_id":{"type":"string","description":"The identifier of the security rule, e.g api.threats.cross_site_scripting.","description_kind":"plain","required":true},"site_id":{"type":"number","description":"Numeric identifier of the site to operate on.","description_kind":"plain","required":true},"url_patterns":{"type":"string","description":"A comma separated list of url patterns. One of: contains | equals | prefix | suffix | not_equals | not_contain | not_prefix | not_suffix. The patterns should be in accordance with the matching urls sent by the urls parameter.","description_kind":"plain","optional":true},"urls":{"type":"string","description":"A comma separated list of resource paths. For example, /home and /admin/index.html are resource paths, while http://www.example.com/home is not. Each URL should be encoded separately using percent encoding as specified by RFC 3986 (http://tools.ietf.org/html/rfc3986#section-2.1). An empty URL list will remove all URLs.","description_kind":"plain","optional":true},"user_agents":{"type":"string","description":"A comma separated list of encoded user agents.","description_kind":"plain","optional":true},"whitelist_id":{"type":"string","description":"The id (an integer) of the whitelist to be set. This field is optional - in case no id is supplied, a new whitelist will be created.","description_kind":"plain","optional":true}},"description_kind":"plain"}},"incapsula_site":{"version":0,"block":{"attributes":{"acceleration_level":{"type":"string","description":"none | standard | aggressive.","description_kind":"plain","optional":true,"computed":true},"account_id":{"type":"number","description":"Numeric identifier of the account to operate on. If not specified, operation will be performed on the account identified by the authentication parameters.","description_kind":"plain","optional":true,"computed":true},"active":{"type":"string","description":"active or bypass.","description_kind":"plain","optional":true,"computed":true},"approver":{"type":"string","description":"my.approver@email.com (some approver email address).","description_kind":"plain","optional":true},"data_storage_region":{"type":"string","description":"The data region to use. Options are `APAC`, `AU`, `EU`, and `US`.","description_kind":"plain","optional":true,"computed":true},"dns_a_record_name":{"type":"string","description":"A record name.","description_kind":"plain","computed":true},"dns_a_record_value":{"type":["list","string"],"description":"A record value.","description_kind":"plain","computed":true},"dns_cname_record_name":{"type":"string","description":"CNAME record name.","description_kind":"plain","computed":true},"dns_cname_record_value":{"type":"string","description":"CNAME record value.","description_kind":"plain","computed":true},"dns_record_name":{"type":"string","description":"The TXT record that needs to be updated with the `domain_verification` value.","description_kind":"plain","computed":true},"domain":{"type":"string","description":"The fully qualified domain name of the site. For example: www.example.com, hello.example.com.","description_kind":"plain","required":true},"domain_redirect_to_full":{"type":"string","description":"true or empty string.","description_kind":"plain","optional":true},"domain_validation":{"type":"string","description":"email or html or dns.","description_kind":"plain","optional":true},"domain_verification":{"type":"string","description":"Domain verification (e.g. GlobalSign verification).","description_kind":"plain","computed":true},"force_ssl":{"type":"string","description":"If this value is true, manually set the site to support SSL. This option is only available for sites with manually configured IP/CNAME and for specific accounts.","description_kind":"plain","optional":true},"hash_salt":{"type":"string","description":"Specify the hash salt (masking setting), required if hashing is enabled. Maximum length of 64 characters.","description_kind":"plain","optional":true,"computed":true},"hashing_enabled":{"type":"bool","description":"Specify if hashing (masking setting) should be enabled.","description_kind":"plain","optional":true,"computed":true},"id":{"type":"string","description_kind":"plain","optional":true,"computed":true},"ignore_ssl":{"type":"string","description":"true or empty string.","description_kind":"plain","optional":true},"log_level":{"type":"string","description":"The log level. Options are `full`, `security`, and `none`.","description_kind":"plain","optional":true,"computed":true},"logs_account_id":{"type":"string","description":"Available only for Enterprise Plan customers that purchased the Logs Integration SKU. Numeric identifier of the account that purchased the logs integration SKU and which collects the logs. If not specified, operation will be performed on the account identified by the authentication parameters.","description_kind":"plain","optional":true},"naked_domain_san":{"type":"bool","description":"Use 'true' to add the naked domain SAN to a www site’s SSL certificate. Default value: true","description_kind":"plain","optional":true},"original_data_center_id":{"type":"number","description":"Numeric representation of the data center created with the site.","description_kind":"plain","deprecated":true,"computed":true},"perf_client_comply_no_cache":{"type":"bool","description":"Comply with No-Cache and Max-Age directives in client requests. By default, these cache directives are ignored. Resources are dynamically profiled and re-configured to optimize performance.","description_kind":"plain","optional":true,"computed":true},"perf_client_enable_client_side_caching":{"type":"bool","description":"Cache content on client browsers or applications. When not enabled, content is cached only on the Imperva proxies.","description_kind":"plain","optional":true,"computed":true},"perf_client_send_age_header":{"type":"bool","description":"Send Cache-Control: max-age and Age headers.","description_kind":"plain","optional":true,"computed":true},"perf_key_comply_vary":{"type":"bool","description":"Comply with Vary. Cache resources in accordance with the Vary response header.","description_kind":"plain","optional":true,"computed":true},"perf_key_unite_naked_full_cache":{"type":"bool","description":"Use the Same Cache for Full and Naked Domains. For example, use the same cached resource for www.example.com/a and example.com/a.","description_kind":"plain","optional":true,"computed":true},"perf_mode_https":{"type":"string","description":"The resources that are cached over HTTPS, the general level applies. Options are `disabled`, `dont_include_html`, `include_html`, and `include_all_resources`.","description_kind":"plain","optional":true,"computed":true},"perf_mode_level":{"type":"string","description":"Caching level. Options are `disable`, `standard`, `smart`, and `all_resources`.","description_kind":"plain","optional":true,"computed":true},"perf_mode_time":{"type":"number","description":"The time, in seconds, that you set for this option determines how often the cache is refreshed. Relevant for the `include_html` and `include_all_resources` levels only.","description_kind":"plain","optional":true,"computed":true},"perf_response_cache_300x":{"type":"bool","description":"When this option is checked Imperva will cache 301, 302, 303, 307, and 308 redirect response headers containing the target URI.","description_kind":"plain","optional":true,"computed":true},"perf_response_cache_404_enabled":{"type":"bool","description":"Whether or not to cache 404 responses.","description_kind":"plain","optional":true,"computed":true},"perf_response_cache_404_time":{"type":"number","description":"The time in seconds to cache 404 responses.","description_kind":"plain","optional":true,"computed":true},"perf_response_cache_empty_responses":{"type":"bool","description":"Cache responses that don’t have a message body.","description_kind":"plain","optional":true,"computed":true},"perf_response_cache_http_10_responses":{"type":"bool","description":"Cache HTTP 1.0 type responses that don’t include the Content-Length header or chunking.","description_kind":"plain","optional":true,"computed":true},"perf_response_cache_response_header_mode":{"type":"string","description":"The working mode for caching response headers. Options are `all` and `custom`.","description_kind":"plain","optional":true,"computed":true},"perf_response_cache_response_headers":{"type":["list","string"],"description":"An array of strings representing the response headers to be cached when working in `custom` mode. If empty, no response headers are cached.","description_kind":"plain","optional":true,"computed":true},"perf_response_cache_shield":{"type":"bool","description":"Adds an intermediate cache between other Imperva PoPs and your origin servers to protect your servers from redundant requests.","description_kind":"plain","optional":true,"computed":true},"perf_response_stale_content_mode":{"type":"string","description":"The working mode for serving stale content. Options are `disabled`, `adaptive`, and `custom`.","description_kind":"plain","optional":true,"computed":true},"perf_response_stale_content_time":{"type":"number","description":"The time, in seconds, to serve stale content for when working in `custom` work mode.","description_kind":"plain","optional":true,"computed":true},"perf_response_tag_response_header":{"type":"string","description":"Tag the response according to the value of this header. Specify which origin response header contains the cache tags in your resources.","description_kind":"plain","optional":true,"computed":true},"perf_ttl_prefer_last_modified":{"type":"bool","description":"Prefer 'Last Modified' over eTag. When this option is checked, Imperva prefers using Last Modified values (if available) over eTag values (recommended on multi-server setups).","description_kind":"plain","optional":true,"computed":true},"perf_ttl_use_shortest_caching":{"type":"bool","description":"Use shortest caching duration in case of conflicts. By default, the longest duration is used in case of conflict between caching rules or modes. When this option is checked, Imperva uses the shortest duration in case of conflict.","description_kind":"plain","optional":true,"computed":true},"ref_id":{"type":"string","description":"Customer specific identifier for this operation.","description_kind":"plain","optional":true},"remove_ssl":{"type":"string","description":"true or empty string.","description_kind":"plain","optional":true},"restricted_cname_reuse":{"type":"string","description":"Use this option to allow Imperva to detect and add domains that are using the Imperva-provided CNAME (not recommended). One of: true | false","description_kind":"plain","optional":true,"computed":true},"seal_location":{"type":"string","description":"api.seal_location.bottom_left | api.seal_location.none | api.seal_location.right_bottom | api.seal_location.right | api.seal_location.left | api.seal_location.bottom_right | api.seal_location.bottom.","description_kind":"plain","optional":true,"computed":true},"send_site_setup_emails":{"type":"string","description":"If this value is false, end users will not get emails about the add site process such as DNS instructions and SSL setup.","description_kind":"plain","optional":true},"site_creation_date":{"type":"number","description":"Numeric representation of the site creation date.","description_kind":"plain","computed":true},"site_ip":{"type":"string","description":"Manually set the web server IP/CNAME.","description_kind":"plain","optional":true,"computed":true},"wildcard_san":{"type":"bool","description":"Use 'true' to add the wildcard SAN or 'false' to add the full domain SAN to the site’s SSL certificate. Default value: true","description_kind":"plain","optional":true}},"block_types":{"timeouts":{"nesting_mode":"single","block":{"attributes":{"delete":{"type":"string","description_kind":"plain","optional":true}},"description_kind":"plain"}}},"description_kind":"plain"}},"incapsula_txt_record":{"version":0,"block":{"attributes":{"id":{"type":"string","description_kind":"plain","optional":true,"computed":true},"site_id":{"type":"number","description":"Numeric identifier of the site.","description_kind":"plain","required":true},"txt_record_value_five":{"type":"string","description":"New value for txt record number five.","description_kind":"plain","optional":true},"txt_record_value_four":{"type":"string","description":"New value for txt record number four.","description_kind":"plain","optional":true},"txt_record_value_one":{"type":"string","description":"New value for txt record number one.","description_kind":"plain","optional":true},"txt_record_value_three":{"type":"string","description":"New value for txt record number three.","description_kind":"plain","optional":true},"txt_record_value_two":{"type":"string","description":"New value for txt record number two.","description_kind":"plain","optional":true}},"description_kind":"plain"}},"incapsula_waf_security_rule":{"version":0,"block":{"attributes":{"activation_mode":{"type":"string","description":"The mode of activation for ddos on a site. Possible values: off, auto, on.","description_kind":"plain","optional":true},"block_bad_bots":{"type":"string","description":"Whether or not to block bad bots. Possible values: true, false.","description_kind":"plain","optional":true},"challenge_suspected_bots":{"type":"string","description":"Whether or not to send a challenge to clients that are suspected to be bad bots (CAPTCHA for example). Possible values: true, false.","description_kind":"plain","optional":true},"ddos_traffic_threshold":{"type":"string","description":"Consider site to be under DDoS if the request rate is above this threshold. The valid values are 10, 20, 50, 100, 200, 500, 750, 1000, 2000, 3000, 4000, 5000.","description_kind":"plain","optional":true},"id":{"type":"string","description_kind":"plain","optional":true,"computed":true},"rule_id":{"type":"string","description":"The identifier of the WAF rule, e.g api.threats.cross_site_scripting.","description_kind":"plain","required":true},"security_rule_action":{"type":"string","description":"The action that should be taken when a threat is detected, for example: api.threats.action.block_ip.","description_kind":"plain","optional":true},"site_id":{"type":"number","description":"Numeric identifier of the site to operate on.","description_kind":"plain","required":true}},"description_kind":"plain"}}},"data_source_schemas":{"incapsula_data_center":{"version":0,"block":{"attributes":{"filter_by_geo_location":{"type":"string","description":"Filter by assigned geo location or the Data Center, which serves the rest of the world, if the geo location is not assigned to any other Data Center.","description_kind":"plain","optional":true},"filter_by_id":{"type":"number","description":"Filter by Data Center internal ID","description_kind":"plain","optional":true},"filter_by_is_active":{"type":"bool","description":"Filter by whether Data Center is active","description_kind":"plain","optional":true},"filter_by_is_content":{"type":"bool","description":"Filter by whether this Data Center will only handle traffic routed by Application Delivery Forward-to-DC rule.","description_kind":"plain","optional":true},"filter_by_is_enabled":{"type":"bool","description":"Filter by whether Data Center is enabled","description_kind":"plain","optional":true},"filter_by_is_rest_of_the_world":{"type":"bool","description":"Filter by whether this Data Center handles only traffic from geo regions that are not assigned to any other Data Center","description_kind":"plain","optional":true},"filter_by_is_standby":{"type":"bool","description":"Filter by whether Data Center is standby","description_kind":"plain","optional":true},"filter_by_name":{"type":"string","description":"Filter by Data Center name","description_kind":"plain","optional":true},"geo_locations":{"type":"string","description":"List of geo regions that this data center will serve. Populated if Site's LB algorithm = GEO_PREFERRED or GEO_REQUIRED. E.g. \"ASIA,AFRICA\"","description_kind":"plain","computed":true},"id":{"type":"string","description_kind":"plain","optional":true,"computed":true},"ip_mode":{"type":"string","description":"SINGLE_IP supports multiple processes on same origin server each listening to a different port, MULTIPLE_IP support multiple origin servers all listening to same port.","description_kind":"plain","computed":true},"is_active":{"type":"bool","description":"When false, Data Center in standby mode","description_kind":"plain","computed":true},"is_content":{"type":"bool","description":"When true, Data Center will only accept traffic routed by Application Delivery Forward-to-DC rule.","description_kind":"plain","computed":true},"is_enabled":{"type":"bool","description":"When true, Data Center is enabled","description_kind":"plain","computed":true},"is_rest_of_the_world":{"type":"bool","description":"When true and lb_algorithm is one of: GEO_PREFERED, GEO_REQUIRED, Then this Data Center will handle the traffic of all geo locations that are not assigned to any other Data Center","description_kind":"plain","computed":true},"lb_algorithm":{"type":"string","description":"How to load balance between the servers of this data center.","description_kind":"plain","computed":true},"name":{"type":"string","description":"Data Center name","description_kind":"plain","computed":true},"origin_pop":{"type":"string","description":"The ID of the PoP that serves as an access point between Imperva and the customer’s origin server. E.g. \"lax\", for Los Angeles. When not specified, all Imperva PoPs can send traffic to this data center.","description_kind":"plain","computed":true},"site_id":{"type":"string","description":"Site ID","description_kind":"plain","required":true},"weight":{"type":"number","description":"The weight in pecentage of this Data Center. Populated only when Site's LB algorithem is WEIGHTED_LB.","description_kind":"plain","computed":true}},"description":"Provides the properties of a single Data Center. All 'filter_by_' arguments are optional. When specified, a logical AND operator is assumed.","description_kind":"plain"}},"incapsula_role_abilities":{"version":0,"block":{"attributes":{"can_add_domain":{"type":"string","description":"Add DNS zones","description_kind":"plain","computed":true},"can_add_policy":{"type":"string","description":"Add/Duplicate policy","description_kind":"plain","computed":true},"can_add_policy_exception":{"type":"string","description":"Add exception to Policy","description_kind":"plain","computed":true},"can_add_site":{"type":"string","description":"Add sites","description_kind":"plain","computed":true},"can_add_user":{"type":"string","description":"Manage users","description_kind":"plain","computed":true},"can_apply_policy_to_assets":{"type":"string","description":"Apply policy to assets","description_kind":"plain","computed":true},"can_assign_client_certificates":{"type":"string","description":"Manage client CA certificates for site","description_kind":"plain","computed":true},"can_delete_policy":{"type":"string","description":"Delete policy","description_kind":"plain","computed":true},"can_delete_policy_exception":{"type":"string","description":"Delete exception from policy","description_kind":"plain","computed":true},"can_edit_account":{"type":"string","description":"Edit account settings","description_kind":"plain","computed":true},"can_edit_client_certificates":{"type":"string","description":"Manage client CA certificates for account","description_kind":"plain","computed":true},"can_edit_domain":{"type":"string","description":"Modify DNS zone settings","description_kind":"plain","computed":true},"can_edit_policy":{"type":"string","description":"Edit policy","description_kind":"plain","computed":true},"can_edit_policy_exception":{"type":"string","description":"Edit exception in policy","description_kind":"plain","computed":true},"can_edit_roles":{"type":"string","description":"Manage users roles","description_kind":"plain","computed":true},"can_edit_single_ip":{"type":"string","description":"Edit single IP","description_kind":"plain","computed":true},"can_edit_site":{"type":"string","description":"Modify site settings","description_kind":"plain","computed":true},"can_manage_account_sub_accounts":{"type":"string","description":"Manage account sub-accounts","description_kind":"plain","computed":true},"can_manage_api_key":{"type":"string","description":"Manage API keys","description_kind":"plain","computed":true},"can_purge_cache":{"type":"string","description":"Purge cache","description_kind":"plain","computed":true},"can_run_connectivity_reports":{"type":"string","description":"Allow user to run connectivity reports","description_kind":"plain","computed":true},"can_view_audit_trail":{"type":"string","description":"View audit trail","description_kind":"plain","computed":true},"can_view_client_certificates":{"type":"string","description":"View client CA certificates","description_kind":"plain","computed":true},"can_view_infra_protect_setting":{"type":"string","description":"View Infra Protect settings","description_kind":"plain","computed":true},"can_view_policy":{"type":"string","description":"View policy","description_kind":"plain","computed":true},"id":{"type":"string","description_kind":"plain","optional":true,"computed":true}},"description_kind":"plain"}}}}}}
