{"format_version":"0.2","provider_schemas":{"registry.terraform.io/innovationnorway/seq":{"provider":{"version":0,"block":{"attributes":{"api_key":{"type":"string","description":"The API Key to use when connecting to Seq. This can also be set with the `SEQ_API_KEY` environment variable.","description_kind":"markdown","optional":true,"sensitive":true},"retry_max":{"type":"number","description":"The number of HTTP request retries.","description_kind":"markdown","optional":true},"retry_wait_max":{"type":"number","description":"The maximum time in seconds to wait between HTTP request attempts.","description_kind":"markdown","optional":true},"retry_wait_min":{"type":"number","description":"The minimum time in seconds to wait between HTTP request attempts.","description_kind":"markdown","optional":true},"server_url":{"type":"string","description":"The HTTP endpoint address of the Seq server. This can also be set with the `SEQ_SERVER_URL` environment variable.","description_kind":"markdown","optional":true}},"description_kind":"plain"}},"resource_schemas":{"seq_admin_user":{"version":0,"block":{"attributes":{"display_name":{"type":"string","description":"An optional display name to aid in identifying the admin user.","description_kind":"markdown","optional":true},"email_address":{"type":"string","description":"The admin user's email address.","description_kind":"markdown","optional":true},"id":{"type":"string","description_kind":"plain","optional":true,"computed":true},"must_change_password":{"type":"bool","description":"If `true`, the admin user will be unable to log in without first changing their password.","description_kind":"markdown","optional":true},"password":{"type":"string","description":"The password for the admin user.","description_kind":"markdown","optional":true,"sensitive":true},"username":{"type":"string","description":"The username that uniquely identifies the admin user.","description_kind":"markdown","required":true}},"description":"Use this resource to manage the admin user on the Seq server.","description_kind":"markdown"}},"seq_api_key":{"version":0,"block":{"attributes":{"assigned_permissions":{"type":["list","string"],"description":"List of permissions assigned to the API key. Possible values are `Ingest`, `Read`, `Setup` and `Write`.","description_kind":"markdown","optional":true},"id":{"type":"string","description_kind":"plain","optional":true,"computed":true},"is_default":{"type":"bool","description":"If `true`, the key is the built-in (tokenless) API key representing unauthenticated HTTP ingestion.","description_kind":"markdown","optional":true},"owner_id":{"type":"string","description":"The id of the user for whom this is a personal API key.","description_kind":"markdown","optional":true},"title":{"type":"string","description":"A title for the API key.","description_kind":"markdown","required":true},"token":{"type":"string","description":"A pre-allocated API key token; by default, a new token will be generated.","description_kind":"markdown","optional":true,"sensitive":true},"token_prefix":{"type":"string","description":"A few characters from the start of the `token` stored as plain text, to aid in identifying tokens.","description_kind":"markdown","computed":true}},"description":"Use this resource to create and manage API keys.","description_kind":"markdown"}},"seq_license":{"version":0,"block":{"attributes":{"automatically_refresh":{"type":"bool","description":"If the license is for a subscription, automatically check datalust.co and update the license when the subscription is renewed or tier changed.","description_kind":"markdown","optional":true,"computed":true},"can_renew_online_now":{"type":"bool","description":"If `true`, the license can be renewed online.","description_kind":"markdown","computed":true},"id":{"type":"string","description_kind":"plain","optional":true,"computed":true},"is_single_user":{"type":"bool","description":"If `true`, the server is using the default license which allows a single person to access the Seq server.","description_kind":"markdown","computed":true},"is_valid":{"type":"bool","description":"Whether or not the license is valid for the server.","description_kind":"markdown","computed":true},"is_warning":{"type":"bool","description":"If `true`, see `status_description` for important information.","description_kind":"markdown","computed":true},"license_text":{"type":"string","description":"The cryptographically-signed certificate that describes the license.","description_kind":"markdown","required":true},"licensed_users":{"type":"number","description":"The number of users licensed to access the Seq server, or `null` if the license has no user limit.","description_kind":"markdown","computed":true},"status_description":{"type":"string","description":"Information about the status of the license.","description_kind":"markdown","computed":true},"subscription_id":{"type":"string","description":"If the license is a subscription, the subscription id.","description_kind":"markdown","computed":true}},"description":"Use this resource to update the Seq license.","description_kind":"markdown"}},"seq_settings":{"version":0,"block":{"attributes":{"authentication_provider":{"type":"string","description":"The authentication provider to use. Allowed values are `Active Directory`, `Azure Active Directory` and `OpenID Connect`.","description_kind":"markdown","optional":true},"automatic_access_ad_group":{"type":"string","description":"The name of an Active Directory group within which users will be automatically be granted user access to Seq.","description_kind":"markdown","optional":true},"automatically_provision_authenticated_users":{"type":"bool","description":"If `true`, users authenticated with the configured authentication provider be automatically granted default user access to Seq.","description_kind":"markdown","optional":true},"azuread_authority":{"type":"string","description":"The AAD authority. The default is `login.windows.net`.","description_kind":"markdown","optional":true},"azuread_client_id":{"type":"string","description":"The Azure Active Directory client id.","description_kind":"markdown","optional":true},"azuread_client_key":{"type":"string","description":"The Azure Active Directory client key.","description_kind":"markdown","optional":true},"azuread_tenant_id":{"type":"string","description":"The Azure Active Directory tenant id.","description_kind":"markdown","optional":true},"backup_location":{"type":"string","description":"Server-local filesystem location where automatic backups are stored.","description_kind":"markdown","optional":true},"backup_utc_time_of_day":{"type":"string","description_kind":"plain","optional":true},"backups_to_keep":{"type":"number","description":"The UTC time of day to record new backups.","description_kind":"markdown","optional":true},"check_for_package_updates":{"type":"bool","description":"If `true`, Seq will periodically check configured NuGet feed for updated versions of installed app packages.","description_kind":"markdown","optional":true},"check_for_updates":{"type":"bool","description":"If `true`, Seq will periodically check for new Seq versions.","description_kind":"markdown","optional":true},"id":{"type":"string","description_kind":"plain","optional":true,"computed":true},"instance_title":{"type":"string","description":"A friendly, public, human-readable title identifying this particular Seq instance.","description_kind":"markdown","optional":true},"is_authentication_enabled":{"type":"bool","description":"If `true`, the server has authentication enabled.","description_kind":"markdown","optional":true},"minimum_free_storage_space":{"type":"number","description":"The minimum storage space, in bytes, on the disk containing log events, before Seq will stop accepting new events.","description_kind":"markdown","optional":true},"minimum_password_length":{"type":"number","description_kind":"plain","optional":true},"new_user_role_ids":{"type":"string","description":"A comma-separated list of role ids that will be assigned to new users by default.","description_kind":"markdown","optional":true},"new_user_show_dashboard_ids":{"type":"string","description":"A comma-separated list of (shared) dashboard ids that will be included in any new user's personal default workspace.","description_kind":"markdown","optional":true},"new_user_show_query_ids":{"type":"string","description":"A comma-separated list of (shared) SQL query ids that will be included in any new user's personal default workspace.","description_kind":"markdown","optional":true},"new_user_show_signal_ids":{"type":"string","description":"A comma-separated list of (shared) signal ids that will be included in any new user's personal default workspace.","description_kind":"markdown","optional":true},"openid_connect_authority":{"type":"string","description":"If using OpenID Connect authentication, the URL of the authorization endpoint.","description_kind":"markdown","optional":true},"openid_connect_client_id":{"type":"string","description":"If using OpenID Connect, the client id assigned to Seq in the provider.","description_kind":"markdown","optional":true},"openid_connect_client_secret":{"type":"string","description":"If using OpenID Connect, the client secret assigned to Seq in the provider.","description_kind":"markdown","optional":true},"openid_connect_end_session_redirect_uri":{"type":"string","description_kind":"plain","optional":true},"openid_connect_scopes":{"type":"string","description":"If using OpenID Connect, the scopes Seq will request when authorizing the client, as a comma-separated list. For example, `openid, profile, email`.","description_kind":"markdown","optional":true},"password_required_character_classes":{"type":"string","description_kind":"plain","optional":true},"raw_event_maximum_content_length":{"type":"number","description":"The maximum size, in bytes of UTF-8-encoded JSON, beyond which individual events will be rejected.","description_kind":"markdown","optional":true},"raw_payload_maximum_content_length":{"type":"number","description":"The maximum size, in HTTP request content bytes, beyond which ingestion requests will be rejected.","description_kind":"markdown","optional":true},"require_api_key_for_writing_events":{"type":"bool","description":"If `true`, ingestion requests incoming via HTTP must be authenticated using an API key or logged-in user session. Only effective when `is_authentication_enabled` is `true`.","description_kind":"markdown","optional":true},"theme_styles":{"type":"string","description":"A snippet of CSS that will be included in the front-end's user interface styles.","description_kind":"markdown","optional":true}},"description":"Use this resource to manage system settings.","description_kind":"markdown"}},"seq_user":{"version":0,"block":{"attributes":{"display_name":{"type":"string","description":"An optional display name to aid in identifying the user.","description_kind":"markdown","optional":true},"email_address":{"type":"string","description":"The user's email address. This will be used to show a Gravatar for the user in some situations.","description_kind":"markdown","optional":true},"id":{"type":"string","description_kind":"plain","optional":true,"computed":true},"must_change_password":{"type":"bool","description":"If `true`, the user will be unable to log in without first changing their password. Recommended when administratively assigning a password for the user.","description_kind":"markdown","optional":true},"password":{"type":"string","description":"The password for the user.","description_kind":"markdown","optional":true,"sensitive":true},"role_ids":{"type":["list","string"],"description":"The ids of one or more roles that grant permissions to the user. Possible values are `role-administrator` (Administrator), `role-ro` (User, read-only), `role-rw` (User, read/write) and `role-user` (User, read/write/ingest)`.","description_kind":"markdown","optional":true},"username":{"type":"string","description":"The username that uniquely identifies the user.","description_kind":"markdown","required":true}},"description":"Use this resource to create a user on the Seq server.","description_kind":"markdown"}}}}}}
