{"format_version":"0.2","provider_schemas":{"registry.terraform.io/innovationnorway/domeneshop":{"provider":{"version":0,"block":{"attributes":{"secret":{"type":"string","description":"A Domeneshop API secret. This can also be set with the `DOMENESHOP_SECRET` environment variable.","description_kind":"plain","required":true,"sensitive":true},"token":{"type":"string","description":"A Domeneshop API token. This can also be set with the `DOMENESHOP_TOKEN` environment variable.","description_kind":"plain","required":true,"sensitive":true}},"description_kind":"plain"}},"resource_schemas":{"domeneshop_forward":{"version":0,"block":{"attributes":{"domain_id":{"type":"number","description":"ID of the domain.","description_kind":"plain","required":true},"frame":{"type":"bool","description":"Whether to enable frame forwarding using an iframe embed. NOT recommended for a variety of reasons.","description_kind":"plain","optional":true,"computed":true},"host":{"type":"string","description":"Subdomain of the forward, `@` for the root domain.","description_kind":"plain","required":true},"id":{"type":"string","description_kind":"plain","optional":true,"computed":true},"url":{"type":"string","description":"The URL to forward to. Must include scheme, e.g. `https://` or `ftp://`.","description_kind":"plain","required":true}},"description":"Use this resource to create and manage HTTP forwards (\"WWW forwarding\").","description_kind":"plain"}},"domeneshop_record":{"version":0,"block":{"attributes":{"alg":{"type":"number","description":"DS record algorithm.","description_kind":"plain","optional":true,"computed":true},"data":{"type":"string","description":"The value of the record.","description_kind":"plain","required":true},"digest":{"type":"number","description":"DS record digest type.","description_kind":"plain","optional":true,"computed":true},"domain_id":{"type":"number","description":"ID of the domain.","description_kind":"plain","required":true},"dtype":{"type":"number","description":"TLSA record matching type.","description_kind":"plain","optional":true,"computed":true},"flags":{"type":"number","description":"CAA record flags.","description_kind":"plain","optional":true,"computed":true},"host":{"type":"string","description":"The host/subdomain the DNS record applies to.","description_kind":"plain","required":true},"id":{"type":"string","description_kind":"plain","optional":true,"computed":true},"port":{"type":"number","description":"SRV record port. The port where the service is found.","description_kind":"plain","optional":true,"computed":true},"priority":{"type":"number","description":"MX/SRV record priority, also known as preference. Lower values are usually preferred first, but this is not guaranteed","description_kind":"plain","optional":true,"computed":true},"selector":{"type":"number","description":"TLSA record selector.","description_kind":"plain","optional":true,"computed":true},"tag":{"type":"number","description":"CAA/DS record tag.","description_kind":"plain","optional":true,"computed":true},"ttl":{"type":"number","description":"TTL of DNS record in seconds.","description_kind":"plain","optional":true,"computed":true},"type":{"type":"string","description":"The type of the record. Possible values are: `A`, `AAAA`, `ANAME`, `CNAME`, `DS`, `MX`, `NS`, `SRV`, `TXT`, `TLSA`.","description_kind":"plain","required":true},"usage":{"type":"number","description":"TLSA record certificate usage.","description_kind":"plain","optional":true,"computed":true},"weight":{"type":"number","description":"SRV record weight. Relevant if multiple records have same preference.","description_kind":"plain","optional":true,"computed":true}},"description":"Use this resource to create and manage DNS records.","description_kind":"plain"}}},"data_source_schemas":{"domeneshop_domain":{"version":0,"block":{"attributes":{"domain":{"type":"string","description":"Name of the domain.","description_kind":"plain","computed":true},"domain_id":{"type":"number","description":"ID of the domain.","description_kind":"plain","required":true},"expiry_date":{"type":"string","description":"Expiry date.","description_kind":"plain","computed":true},"id":{"type":"string","description_kind":"plain","optional":true,"computed":true},"nameservers":{"type":["list","string"],"description":"List of nameservers.","description_kind":"plain","computed":true},"registered_date":{"type":"string","description":"Registered date.","description_kind":"plain","computed":true},"registrant":{"type":"string","description":"Name of the registrant.","description_kind":"plain","computed":true},"renew":{"type":"bool","description":"Whether the domain should be renewed.","description_kind":"plain","computed":true},"services":{"type":["list",["object",{"dns":"bool","email":"bool","registrar":"bool","webhotel":"string"}]],"description":"Domain services.","description_kind":"plain","computed":true},"status":{"type":"string","description":"Domain status.","description_kind":"plain","computed":true}},"description":"Use this data source to retrieve information about a domain.","description_kind":"plain"}},"domeneshop_domains":{"version":0,"block":{"attributes":{"domain":{"type":"string","description":"Only return domains whose `domain` field includes this string.","description_kind":"plain","optional":true},"domains":{"type":["list",["object",{"domain":"string","expiry_date":"string","id":"number","nameservers":["list","string"],"registered_date":"string","registrant":"string","renew":"bool","services":["list",["object",{"dns":"bool","email":"bool","registrar":"bool","webhotel":"string"}]],"status":"string"}]],"description":"List of domains.","description_kind":"plain","computed":true},"id":{"type":"string","description_kind":"plain","optional":true,"computed":true}},"description":"Use this data source to retrieve a list of domains.","description_kind":"plain"}},"domeneshop_forward":{"version":0,"block":{"attributes":{"domain_id":{"type":"number","description":"ID of the domain.","description_kind":"plain","required":true},"frame":{"type":"bool","description":"Whether to enable frame forwarding using an iframe embed. NOT recommended for a variety of reasons.","description_kind":"plain","computed":true},"host":{"type":"string","description":"The subdomain this forward applies to, without the domain part.","description_kind":"plain","required":true},"id":{"type":"string","description_kind":"plain","optional":true,"computed":true},"url":{"type":"string","description":"The URL to forward to. Must include scheme, e.g. `https://` or `ftp://`.","description_kind":"plain","computed":true}},"description":"Use this data source to retrieve information about a HTTP forwarding.","description_kind":"plain"}},"domeneshop_forwards":{"version":0,"block":{"attributes":{"domain_id":{"type":"number","description":"ID of the domain.","description_kind":"plain","required":true},"forwards":{"type":["list",["object",{"frame":"bool","host":"string","url":"string"}]],"description":"List of HTTP forwards.","description_kind":"plain","computed":true},"id":{"type":"string","description_kind":"plain","optional":true,"computed":true}},"description":"Use this data source to retrieve a list of HTTP forwards.","description_kind":"plain"}},"domeneshop_record":{"version":0,"block":{"attributes":{"alg":{"type":"number","description":"DS record algorithm.","description_kind":"plain","computed":true},"data":{"type":"string","description":"The value of the record.","description_kind":"plain","computed":true},"digest":{"type":"number","description":"DS record digest type.","description_kind":"plain","computed":true},"domain_id":{"type":"number","description":"ID of the domain.","description_kind":"plain","required":true},"dtype":{"type":"number","description":"TLSA record matching type.","description_kind":"plain","computed":true},"flags":{"type":"number","description":"CAA record flags.","description_kind":"plain","computed":true},"host":{"type":"string","description":"The host/subdomain the DNS record applies to.","description_kind":"plain","computed":true},"id":{"type":"string","description_kind":"plain","optional":true,"computed":true},"port":{"type":"number","description":"SRV record port. The port where the service is found.","description_kind":"plain","computed":true},"priority":{"type":"number","description":"MX/SRV record priority, also known as preference. Lower values are usually preferred first, but this is not guaranteed.","description_kind":"plain","computed":true},"record_id":{"type":"number","description":"ID of DNS the record.","description_kind":"plain","required":true},"selector":{"type":"number","description":"TLSA record selector.","description_kind":"plain","computed":true},"tag":{"type":"number","description":"CAA/DS record tag.","description_kind":"plain","computed":true},"ttl":{"type":"number","description":"TTL of DNS record in seconds.","description_kind":"plain","computed":true},"type":{"type":"string","description":"The type of the record.","description_kind":"plain","computed":true},"usage":{"type":"number","description":"TLSA record certificate usage.","description_kind":"plain","computed":true},"weight":{"type":"number","description":"SRV record weight. Relevant if multiple records have same preference.","description_kind":"plain","computed":true}},"description":"Use this data source to retrieve information about a DNS record.","description_kind":"plain"}},"domeneshop_records":{"version":0,"block":{"attributes":{"domain_id":{"type":"number","description":"Only return domains whose `domain` field includes this string.","description_kind":"plain","optional":true},"host":{"type":"string","description":"Only return records whose `host` field matches this string.","description_kind":"plain","optional":true},"id":{"type":"string","description_kind":"plain","optional":true,"computed":true},"records":{"type":["list",["object",{"alg":"number","data":"string","digest":"number","dtype":"number","flags":"number","host":"string","id":"number","port":"number","priority":"number","selector":"number","tag":"number","ttl":"number","type":"string","usage":"number","weight":"number"}]],"description":"List of records.","description_kind":"plain","computed":true},"type":{"type":"string","description":"Only return records whose `type` field matches this string.","description_kind":"plain","optional":true}},"description":"Use this data source to retrieve a list of DNS records.","description_kind":"plain"}}}}}}
