{"format_version":"0.2","provider_schemas":{"registry.terraform.io/innovationnorway/netbox":{"provider":{"version":0,"block":{"attributes":{"host":{"type":"string","description_kind":"plain","required":true},"token":{"type":"string","description_kind":"plain","optional":true}},"description_kind":"plain"}},"resource_schemas":{"netbox_ipam_aggregates":{"version":0,"block":{"attributes":{"family":{"type":"string","description_kind":"plain","computed":true},"id":{"type":"string","description_kind":"plain","optional":true,"computed":true},"prefix":{"type":"string","description_kind":"plain","required":true},"rir_id":{"type":"number","description_kind":"plain","optional":true}},"description_kind":"plain"}},"netbox_ipam_available_prefix":{"version":0,"block":{"attributes":{"family":{"type":"number","description_kind":"plain","computed":true},"id":{"type":"string","description_kind":"plain","optional":true,"computed":true},"prefix":{"type":"string","description_kind":"plain","computed":true},"prefix_id":{"type":"number","description_kind":"plain","required":true},"prefix_length":{"type":"number","description_kind":"plain","required":true}},"description_kind":"plain"}},"netbox_ipam_prefix":{"version":0,"block":{"attributes":{"custom_fields":{"type":["map","string"],"description_kind":"plain","optional":true},"description":{"type":"string","description_kind":"plain","optional":true},"family":{"type":"string","description_kind":"plain","computed":true},"id":{"type":"string","description_kind":"plain","optional":true,"computed":true},"is_pool":{"type":"bool","description_kind":"plain","optional":true},"prefix":{"type":"string","description_kind":"plain","required":true},"role_id":{"type":"number","description_kind":"plain","optional":true},"site_id":{"type":"number","description_kind":"plain","optional":true},"status":{"type":"string","description_kind":"plain","optional":true},"tenant_id":{"type":"number","description_kind":"plain","optional":true},"vlan_id":{"type":"number","description_kind":"plain","optional":true},"vrf_id":{"type":"number","description_kind":"plain","optional":true}},"block_types":{"tags":{"nesting_mode":"list","block":{"attributes":{"color":{"type":"string","description_kind":"plain","computed":true},"id":{"type":"number","description_kind":"plain","computed":true},"name":{"type":"string","description_kind":"plain","optional":true,"computed":true},"slug":{"type":"string","description_kind":"plain","optional":true,"computed":true}},"description_kind":"plain"}}},"description_kind":"plain"}},"netbox_ipam_rir":{"version":0,"block":{"attributes":{"id":{"type":"string","description_kind":"plain","optional":true,"computed":true},"name":{"type":"string","description_kind":"plain","required":true},"slug":{"type":"string","description_kind":"plain","required":true}},"description_kind":"plain"}},"netbox_tag":{"version":0,"block":{"attributes":{"color":{"type":"string","description_kind":"plain","optional":true,"computed":true},"description":{"type":"string","description_kind":"plain","optional":true,"computed":true},"id":{"type":"string","description_kind":"plain","optional":true,"computed":true},"name":{"type":"string","description_kind":"plain","required":true},"slug":{"type":"string","description_kind":"plain","required":true}},"description_kind":"plain"}}},"data_source_schemas":{"netbox_ipam_aggregates":{"version":0,"block":{"attributes":{"family":{"type":"number","description_kind":"plain","optional":true},"id":{"type":"string","description_kind":"plain","optional":true,"computed":true},"prefix":{"type":"string","description_kind":"plain","optional":true},"results":{"type":["list",["object",{"description":"string","family":["list",["object",{"label":"string","value":"number"}]],"id":"number","prefix":"string"}]],"description_kind":"plain","computed":true}},"description_kind":"plain"}},"netbox_ipam_available_prefixes":{"version":0,"block":{"attributes":{"id":{"type":"string","description_kind":"plain","optional":true,"computed":true},"prefix_id":{"type":"number","description_kind":"plain","required":true},"prefixes":{"type":["list",["object",{"family":"number","prefix":"string","vrf":["list",["object",{"id":"number","name":"string","rd":"string"}]]}]],"description_kind":"plain","computed":true}},"description_kind":"plain"}},"netbox_ipam_prefix":{"version":0,"block":{"attributes":{"custom_fields":{"type":["map","string"],"description_kind":"plain","computed":true},"description":{"type":"string","description_kind":"plain","computed":true},"family":{"type":["list",["object",{"label":"string","value":"number"}]],"description_kind":"plain","computed":true},"id":{"type":"string","description_kind":"plain","optional":true,"computed":true},"is_pool":{"type":"bool","description_kind":"plain","computed":true},"prefix":{"type":"string","description_kind":"plain","computed":true},"prefix_id":{"type":"number","description_kind":"plain","required":true},"role":{"type":["list",["object",{"id":"number","name":"string","slug":"string"}]],"description_kind":"plain","computed":true},"site":{"type":["list",["object",{"id":"number","name":"string","slug":"string"}]],"description_kind":"plain","computed":true},"status":{"type":["list",["object",{"label":"string","value":"string"}]],"description_kind":"plain","computed":true},"tags":{"type":["list",["object",{"color":"string","id":"string","name":"string","slug":"string"}]],"description_kind":"plain","computed":true},"tenant":{"type":["list",["object",{"id":"number","name":"string","slug":"string"}]],"description_kind":"plain","computed":true},"vlan":{"type":["list",["object",{"display_name":"string","id":"number","name":"string","vid":"number"}]],"description_kind":"plain","computed":true},"vrf":{"type":["list",["object",{"id":"number","name":"string","rd":"string"}]],"description_kind":"plain","computed":true}},"description_kind":"plain"}},"netbox_ipam_prefixes":{"version":0,"block":{"attributes":{"contains":{"type":"string","description_kind":"plain","optional":true},"family":{"type":"number","description_kind":"plain","optional":true},"id":{"type":"string","description_kind":"plain","optional":true,"computed":true},"mask_length":{"type":"number","description_kind":"plain","optional":true},"prefix":{"type":"string","description_kind":"plain","optional":true},"region":{"type":"string","description_kind":"plain","optional":true},"results":{"type":["list",["object",{"custom_fields":["map","string"],"description":"string","family":["list",["object",{"label":"string","value":"number"}]],"id":"number","is_pool":"bool","prefix":"string","role":["list",["object",{"id":"number","name":"string","slug":"string"}]],"site":["list",["object",{"id":"number","name":"string","slug":"string"}]],"status":["list",["object",{"label":"string","value":"string"}]],"tags":["list",["object",{"color":"string","id":"string","name":"string","slug":"string"}]],"tenant":["list",["object",{"id":"number","name":"string","slug":"string"}]],"vlan":["list",["object",{"display_name":"string","id":"number","name":"string","vid":"number"}]],"vrf":["list",["object",{"id":"number","name":"string","rd":"string"}]]}]],"description_kind":"plain","computed":true},"role":{"type":"string","description_kind":"plain","optional":true},"site":{"type":"string","description_kind":"plain","optional":true},"status":{"type":"string","description_kind":"plain","optional":true},"tag":{"type":"string","description_kind":"plain","optional":true},"tenant":{"type":"string","description_kind":"plain","optional":true},"vrf_id":{"type":"string","description_kind":"plain","optional":true},"within":{"type":"string","description_kind":"plain","optional":true},"within_include":{"type":"string","description_kind":"plain","optional":true}},"description_kind":"plain"}}}}}}
