{"format_version":"0.2","provider_schemas":{"registry.terraform.io/intercloud/intercloud":{"provider":{"version":0,"block":{"attributes":{"access_token":{"type":"string","description":"@TODO Desc. access_token","description_kind":"plain","optional":true,"sensitive":true},"api_endpoint":{"type":"string","description":"@TODO Desc. api_endpoint","description_kind":"plain","optional":true},"organization_id":{"type":"string","description":"@TODO Desc. organization_id","description_kind":"plain","required":true},"shared_credentials_file":{"type":"string","description":"@TODO Desc. shared_credentials_file","description_kind":"plain","optional":true}},"description_kind":"plain"}},"resource_schemas":{"intercloud_connector":{"version":0,"block":{"attributes":{"cloud_appliance_id":{"type":"string","description_kind":"plain","optional":true},"description":{"type":"string","description_kind":"plain","required":true},"destination_id":{"type":"string","description_kind":"plain","optional":true},"group_id":{"type":"string","description_kind":"plain","required":true},"id":{"type":"string","description_kind":"plain","optional":true,"computed":true},"irn":{"type":"string","description_kind":"plain","computed":true},"name":{"type":"string","description_kind":"plain","required":true},"state":{"type":"string","description_kind":"plain","computed":true}},"block_types":{"aws":{"nesting_mode":"list","block":{"attributes":{"aws_account_id":{"type":"number","description_kind":"plain","required":true},"aws_bgp_asn":{"type":"number","description_kind":"plain","optional":true},"dxvif":{"type":"string","description_kind":"plain","computed":true}},"block_types":{"hosted_connection":{"nesting_mode":"set","block":{"attributes":{"aws_peer_ip":{"type":"string","description_kind":"plain","computed":true},"bgp_key":{"type":"string","description_kind":"plain","computed":true,"sensitive":true},"connection_id":{"type":"string","description_kind":"plain","computed":true},"customer_peer_ip":{"type":"string","description_kind":"plain","computed":true},"port_speed":{"type":"string","description_kind":"plain","optional":true},"vlan_id":{"type":"number","description_kind":"plain","computed":true}},"description_kind":"plain"}}},"description_kind":"plain"},"max_items":1},"azure":{"nesting_mode":"list","block":{"attributes":{"service_key":{"type":"string","description_kind":"plain","required":true}},"description_kind":"plain"},"max_items":1},"gcp":{"nesting_mode":"list","block":{"attributes":{"bandwidth":{"type":"string","description_kind":"plain","optional":true},"interconnect_id":{"type":"string","description_kind":"plain","computed":true},"med":{"type":"string","description_kind":"plain","optional":true},"pairing_key":{"type":"string","description_kind":"plain","required":true}},"description_kind":"plain"},"max_items":1}},"description_kind":"plain"}},"intercloud_group":{"version":0,"block":{"attributes":{"capacity":{"type":"string","description_kind":"plain","computed":true},"description":{"type":"string","description_kind":"plain","optional":true},"id":{"type":"string","description_kind":"plain","optional":true,"computed":true},"irn":{"type":"string","description_kind":"plain","computed":true},"name":{"type":"string","description_kind":"plain","required":true},"organization_id":{"type":"string","description_kind":"plain","optional":true,"computed":true}},"description_kind":"plain"}},"intercloud_link":{"version":0,"block":{"attributes":{"description":{"type":"string","description_kind":"plain","required":true},"from":{"type":"string","description_kind":"plain","required":true},"id":{"type":"string","description_kind":"plain","optional":true,"computed":true},"irn":{"type":"string","description_kind":"plain","computed":true},"name":{"type":"string","description_kind":"plain","required":true},"organization_id":{"type":"string","description_kind":"plain","optional":true,"computed":true},"state":{"type":"string","description_kind":"plain","computed":true},"to":{"type":"string","description_kind":"plain","required":true}},"description_kind":"plain"}}},"data_source_schemas":{"intercloud_destination":{"version":0,"block":{"attributes":{"family":{"type":"string","description_kind":"plain","required":true},"id":{"type":"string","description_kind":"plain","optional":true,"computed":true},"location":{"type":"string","description_kind":"plain","required":true}},"description_kind":"plain"}},"intercloud_destinations":{"version":0,"block":{"attributes":{"destinations":{"type":["list",["object",{"family":"string","id":"string","location":"string"}]],"description_kind":"plain","computed":true},"family":{"type":"string","description_kind":"plain","required":true},"id":{"type":"string","description_kind":"plain","optional":true,"computed":true}},"description_kind":"plain"}},"intercloud_organization":{"version":0,"block":{"attributes":{"id":{"type":"string","description_kind":"plain","optional":true,"computed":true},"name":{"type":"string","description_kind":"plain","computed":true},"organization_id":{"type":"string","description_kind":"plain","optional":true},"parent_id":{"type":"string","description_kind":"plain","computed":true}},"description_kind":"plain"}},"intercloud_organizations":{"version":0,"block":{"attributes":{"children":{"type":["list",["object",{"name":"string","organization_id":"string","parent_id":"string"}]],"description_kind":"plain","computed":true},"id":{"type":"string","description_kind":"plain","optional":true,"computed":true},"organization_id":{"type":"string","description_kind":"plain","optional":true}},"description_kind":"plain"}}}}}}
