{"format_version":"0.2","provider_schemas":{"registry.terraform.io/invidian/ovh":{"provider":{"version":0,"block":{"attributes":{"application_key":{"type":"string","description":"The OVH API Application Key.","description_kind":"plain","optional":true},"application_secret":{"type":"string","description":"The OVH API Application Secret.","description_kind":"plain","optional":true},"consumer_key":{"type":"string","description":"The OVH API Consumer key.","description_kind":"plain","optional":true},"endpoint":{"type":"string","description":"The OVH API endpoint to target (ex: \"ovh-eu\").","description_kind":"plain","required":true}},"description_kind":"plain"}},"resource_schemas":{"ovh_cloud_network_private":{"version":0,"block":{"attributes":{"id":{"type":"string","description_kind":"plain","optional":true,"computed":true},"name":{"type":"string","description_kind":"plain","required":true},"project_id":{"type":"string","description_kind":"plain","required":true},"regions":{"type":["set","string"],"description_kind":"plain","optional":true,"computed":true},"regions_status":{"type":["set",["object",{"region":"string","status":"string"}]],"description_kind":"plain","computed":true},"status":{"type":"string","description_kind":"plain","computed":true},"type":{"type":"string","description_kind":"plain","computed":true},"vlan_id":{"type":"number","description_kind":"plain","optional":true}},"description_kind":"plain"}},"ovh_cloud_network_private_subnet":{"version":0,"block":{"attributes":{"cidr":{"type":"string","description_kind":"plain","computed":true},"dhcp":{"type":"bool","description_kind":"plain","optional":true},"end":{"type":"string","description_kind":"plain","required":true},"gateway_ip":{"type":"string","description_kind":"plain","computed":true},"id":{"type":"string","description_kind":"plain","optional":true,"computed":true},"ip_pools":{"type":["set",["object",{"dhcp":"bool","end":"string","network":"string","region":"string","start":"string"}]],"description_kind":"plain","computed":true},"network":{"type":"string","description_kind":"plain","required":true},"network_id":{"type":"string","description_kind":"plain","required":true},"no_gateway":{"type":"bool","description_kind":"plain","optional":true},"project_id":{"type":"string","description_kind":"plain","optional":true},"region":{"type":"string","description_kind":"plain","required":true},"start":{"type":"string","description_kind":"plain","required":true}},"description_kind":"plain"}},"ovh_cloud_user":{"version":0,"block":{"attributes":{"creation_date":{"type":"string","description_kind":"plain","computed":true},"description":{"type":"string","description_kind":"plain","optional":true},"id":{"type":"string","description_kind":"plain","optional":true,"computed":true},"openstack_rc":{"type":["map","string"],"description_kind":"plain","optional":true,"computed":true},"password":{"type":"string","description_kind":"plain","computed":true,"sensitive":true},"project_id":{"type":"string","description":"Id of the cloud project. DEPRECATED, use `service_name` instead","description_kind":"plain","optional":true},"role_name":{"type":"string","description_kind":"plain","optional":true},"role_names":{"type":["list","string"],"description_kind":"plain","optional":true},"roles":{"type":["list",["object",{"description":"string","id":"string","name":"string","permissions":["set","string"]}]],"description_kind":"plain","computed":true},"service_name":{"type":"string","description":"Service name of the resource representing the id of the cloud project.","description_kind":"plain","optional":true},"status":{"type":"string","description_kind":"plain","computed":true},"username":{"type":"string","description_kind":"plain","computed":true}},"description_kind":"plain"}},"ovh_dedicated_ceph_acl":{"version":0,"block":{"attributes":{"family":{"type":"string","description_kind":"plain","computed":true},"id":{"type":"string","description_kind":"plain","optional":true,"computed":true},"netmask":{"type":"string","description_kind":"plain","required":true},"network":{"type":"string","description_kind":"plain","required":true},"service_name":{"type":"string","description_kind":"plain","required":true}},"description_kind":"plain"}},"ovh_dedicated_server_install_task":{"version":0,"block":{"attributes":{"bootid_on_destroy":{"type":"number","description":"If set, reboot the server on the specified boot id during destroy phase","description_kind":"plain","optional":true},"comment":{"type":"string","description":"Details of this task","description_kind":"plain","computed":true},"done_date":{"type":"string","description":"Completion date","description_kind":"plain","computed":true},"function":{"type":"string","description":"Function name","description_kind":"plain","computed":true},"id":{"type":"string","description_kind":"plain","optional":true,"computed":true},"last_update":{"type":"string","description":"Last update","description_kind":"plain","computed":true},"partition_scheme_name":{"type":"string","description":"Partition scheme name.","description_kind":"plain","optional":true},"service_name":{"type":"string","description":"The internal name of your dedicated server.","description_kind":"plain","required":true},"start_date":{"type":"string","description":"Task Creation date","description_kind":"plain","computed":true},"status":{"type":"string","description":"Task status","description_kind":"plain","computed":true},"template_name":{"type":"string","description":"Template name","description_kind":"plain","required":true}},"block_types":{"details":{"nesting_mode":"list","block":{"attributes":{"change_log":{"type":"string","description":"Template change log details","description_kind":"plain","optional":true},"custom_hostname":{"type":"string","description":"Set up the server using the provided hostname instead of the default hostname","description_kind":"plain","optional":true},"disk_group_id":{"type":"number","description_kind":"plain","optional":true},"install_rtm":{"type":"bool","description_kind":"plain","optional":true},"install_sql_server":{"type":"bool","description_kind":"plain","optional":true},"language":{"type":"string","description":"language","description_kind":"plain","optional":true},"no_raid":{"type":"bool","description_kind":"plain","optional":true},"post_installation_script_link":{"type":"string","description":"Indicate the URL where your postinstall customisation script is located","description_kind":"plain","optional":true},"post_installation_script_return":{"type":"string","description":"indicate the string returned by your postinstall customisation script on successful execution. Advice: your script should return a unique validation string in case of succes. A good example is 'loh1Xee7eo OK OK OK UGh8Ang1Gu'","description_kind":"plain","optional":true},"reset_hw_raid":{"type":"bool","description_kind":"plain","optional":true},"soft_raid_devices":{"type":"number","description_kind":"plain","optional":true},"ssh_key_name":{"type":"string","description":"Name of the ssh key that should be installed. Password login will be disabled","description_kind":"plain","optional":true},"use_distrib_kernel":{"type":"bool","description":"Use the distribution's native kernel instead of the recommended OVH Kernel","description_kind":"plain","optional":true},"use_spla":{"type":"bool","description_kind":"plain","optional":true}},"description_kind":"plain"},"max_items":1},"timeouts":{"nesting_mode":"single","block":{"attributes":{"create":{"type":"string","description_kind":"plain","optional":true}},"description_kind":"plain"}}},"description_kind":"plain"}},"ovh_dedicated_server_reboot_task":{"version":0,"block":{"attributes":{"comment":{"type":"string","description":"Details of this task","description_kind":"plain","computed":true},"done_date":{"type":"string","description":"Completion date","description_kind":"plain","computed":true},"function":{"type":"string","description":"Function name","description_kind":"plain","computed":true},"id":{"type":"string","description_kind":"plain","optional":true,"computed":true},"keepers":{"type":["list","string"],"description":"Change this value to recreate a reboot task.","description_kind":"plain","required":true},"last_update":{"type":"string","description":"Last update","description_kind":"plain","computed":true},"service_name":{"type":"string","description":"The internal name of your dedicated server.","description_kind":"plain","required":true},"start_date":{"type":"string","description":"Task Creation date","description_kind":"plain","computed":true},"status":{"type":"string","description":"Task status","description_kind":"plain","computed":true}},"description_kind":"plain"}},"ovh_dedicated_server_update":{"version":0,"block":{"attributes":{"boot_id":{"type":"number","description":"The boot id of your dedicated server.","description_kind":"plain","optional":true,"computed":true},"id":{"type":"string","description_kind":"plain","optional":true,"computed":true},"monitoring":{"type":"bool","description":"Icmp monitoring state","description_kind":"plain","optional":true,"computed":true},"service_name":{"type":"string","description":"The internal name of your dedicated server.","description_kind":"plain","required":true},"state":{"type":"string","description":"error, hacked, hackedBlocked, ok","description_kind":"plain","optional":true,"computed":true}},"description_kind":"plain"}},"ovh_domain_zone_record":{"version":0,"block":{"attributes":{"fieldtype":{"type":"string","description_kind":"plain","required":true},"id":{"type":"string","description_kind":"plain","optional":true,"computed":true},"subdomain":{"type":"string","description_kind":"plain","optional":true},"target":{"type":"string","description_kind":"plain","required":true},"ttl":{"type":"number","description_kind":"plain","optional":true},"zone":{"type":"string","description_kind":"plain","required":true}},"description_kind":"plain"}},"ovh_domain_zone_redirection":{"version":0,"block":{"attributes":{"description":{"type":"string","description_kind":"plain","optional":true},"id":{"type":"string","description_kind":"plain","optional":true,"computed":true},"keywords":{"type":"string","description_kind":"plain","optional":true},"subdomain":{"type":"string","description_kind":"plain","optional":true},"target":{"type":"string","description_kind":"plain","required":true},"title":{"type":"string","description_kind":"plain","optional":true},"type":{"type":"string","description_kind":"plain","required":true},"zone":{"type":"string","description_kind":"plain","required":true}},"description_kind":"plain"}},"ovh_ip_reverse":{"version":0,"block":{"attributes":{"id":{"type":"string","description_kind":"plain","optional":true,"computed":true},"ip":{"type":"string","description_kind":"plain","required":true},"ipreverse":{"type":"string","description_kind":"plain","optional":true},"reverse":{"type":"string","description_kind":"plain","required":true}},"description_kind":"plain"}},"ovh_iploadbalancing_http_farm":{"version":0,"block":{"attributes":{"balance":{"type":"string","description_kind":"plain","optional":true},"display_name":{"type":"string","description_kind":"plain","optional":true},"id":{"type":"string","description_kind":"plain","optional":true,"computed":true},"port":{"type":"number","description_kind":"plain","optional":true},"service_name":{"type":"string","description_kind":"plain","required":true},"stickiness":{"type":"string","description_kind":"plain","optional":true},"vrack_network_id":{"type":"number","description_kind":"plain","optional":true},"zone":{"type":"string","description_kind":"plain","required":true}},"block_types":{"probe":{"nesting_mode":"list","block":{"attributes":{"force_ssl":{"type":"bool","description_kind":"plain","optional":true},"interval":{"type":"number","description_kind":"plain","optional":true},"match":{"type":"string","description_kind":"plain","optional":true,"computed":true},"method":{"type":"string","description_kind":"plain","optional":true,"computed":true},"negate":{"type":"bool","description_kind":"plain","optional":true},"pattern":{"type":"string","description_kind":"plain","optional":true,"computed":true},"port":{"type":"number","description_kind":"plain","optional":true,"computed":true},"type":{"type":"string","description_kind":"plain","required":true},"url":{"type":"string","description_kind":"plain","optional":true,"computed":true}},"description_kind":"plain"},"max_items":1}},"description_kind":"plain"}},"ovh_iploadbalancing_http_farm_server":{"version":0,"block":{"attributes":{"address":{"type":"string","description_kind":"plain","required":true},"backup":{"type":"bool","description_kind":"plain","optional":true},"chain":{"type":"string","description_kind":"plain","optional":true},"cookie":{"type":"string","description_kind":"plain","computed":true},"display_name":{"type":"string","description_kind":"plain","optional":true},"farm_id":{"type":"number","description_kind":"plain","required":true},"id":{"type":"string","description_kind":"plain","optional":true,"computed":true},"port":{"type":"number","description_kind":"plain","optional":true},"probe":{"type":"bool","description_kind":"plain","optional":true},"proxy_protocol_version":{"type":"string","description_kind":"plain","optional":true},"service_name":{"type":"string","description_kind":"plain","required":true},"ssl":{"type":"bool","description_kind":"plain","optional":true},"status":{"type":"string","description_kind":"plain","required":true},"weight":{"type":"number","description_kind":"plain","optional":true}},"description_kind":"plain"}},"ovh_iploadbalancing_http_frontend":{"version":0,"block":{"attributes":{"allowed_source":{"type":["list","string"],"description_kind":"plain","optional":true},"dedicated_ipfo":{"type":["list","string"],"description_kind":"plain","optional":true},"default_farm_id":{"type":"number","description_kind":"plain","optional":true,"computed":true},"default_ssl_id":{"type":"number","description_kind":"plain","optional":true,"computed":true},"disabled":{"type":"bool","description_kind":"plain","optional":true},"display_name":{"type":"string","description_kind":"plain","optional":true},"id":{"type":"string","description_kind":"plain","optional":true,"computed":true},"port":{"type":"string","description_kind":"plain","required":true},"service_name":{"type":"string","description_kind":"plain","required":true},"ssl":{"type":"bool","description_kind":"plain","optional":true},"zone":{"type":"string","description_kind":"plain","required":true}},"description_kind":"plain"}},"ovh_iploadbalancing_http_route":{"version":0,"block":{"attributes":{"display_name":{"type":"string","description_kind":"plain","optional":true},"frontend_id":{"type":"number","description_kind":"plain","optional":true,"computed":true},"id":{"type":"string","description_kind":"plain","optional":true,"computed":true},"service_name":{"type":"string","description_kind":"plain","required":true},"weight":{"type":"number","description_kind":"plain","optional":true}},"block_types":{"action":{"nesting_mode":"list","block":{"attributes":{"status":{"type":"number","description_kind":"plain","optional":true},"target":{"type":"string","description_kind":"plain","optional":true},"type":{"type":"string","description_kind":"plain","required":true}},"description_kind":"plain"},"min_items":1,"max_items":1}},"description_kind":"plain"}},"ovh_iploadbalancing_http_route_rule":{"version":0,"block":{"attributes":{"display_name":{"type":"string","description_kind":"plain","optional":true},"field":{"type":"string","description_kind":"plain","required":true},"id":{"type":"string","description_kind":"plain","optional":true,"computed":true},"match":{"type":"string","description_kind":"plain","required":true},"negate":{"type":"bool","description_kind":"plain","optional":true},"pattern":{"type":"string","description_kind":"plain","optional":true},"route_id":{"type":"string","description_kind":"plain","required":true},"service_name":{"type":"string","description_kind":"plain","required":true},"sub_field":{"type":"string","description_kind":"plain","optional":true}},"description_kind":"plain"}},"ovh_iploadbalancing_refresh":{"version":0,"block":{"attributes":{"id":{"type":"string","description_kind":"plain","optional":true,"computed":true},"keepers":{"type":["list","string"],"description_kind":"plain","required":true},"service_name":{"type":"string","description_kind":"plain","required":true}},"description_kind":"plain"}},"ovh_iploadbalancing_tcp_farm":{"version":0,"block":{"attributes":{"balance":{"type":"string","description_kind":"plain","optional":true},"display_name":{"type":"string","description_kind":"plain","optional":true},"id":{"type":"string","description_kind":"plain","optional":true,"computed":true},"port":{"type":"number","description_kind":"plain","optional":true},"service_name":{"type":"string","description_kind":"plain","required":true},"stickiness":{"type":"string","description_kind":"plain","optional":true},"vrack_network_id":{"type":"number","description_kind":"plain","optional":true},"zone":{"type":"string","description_kind":"plain","required":true}},"block_types":{"probe":{"nesting_mode":"list","block":{"attributes":{"force_ssl":{"type":"bool","description_kind":"plain","optional":true},"interval":{"type":"number","description_kind":"plain","optional":true},"match":{"type":"string","description_kind":"plain","optional":true},"method":{"type":"string","description_kind":"plain","optional":true},"negate":{"type":"bool","description_kind":"plain","optional":true},"pattern":{"type":"string","description_kind":"plain","optional":true},"port":{"type":"number","description_kind":"plain","optional":true},"type":{"type":"string","description_kind":"plain","required":true},"url":{"type":"string","description_kind":"plain","optional":true}},"description_kind":"plain"},"max_items":1}},"description_kind":"plain"}},"ovh_iploadbalancing_tcp_farm_server":{"version":0,"block":{"attributes":{"address":{"type":"string","description_kind":"plain","required":true},"backup":{"type":"bool","description_kind":"plain","optional":true},"chain":{"type":"string","description_kind":"plain","optional":true},"display_name":{"type":"string","description_kind":"plain","optional":true},"farm_id":{"type":"number","description_kind":"plain","required":true},"id":{"type":"string","description_kind":"plain","optional":true,"computed":true},"port":{"type":"number","description_kind":"plain","optional":true},"probe":{"type":"bool","description_kind":"plain","optional":true},"proxy_protocol_version":{"type":"string","description_kind":"plain","optional":true},"service_name":{"type":"string","description_kind":"plain","required":true},"ssl":{"type":"bool","description_kind":"plain","optional":true},"status":{"type":"string","description_kind":"plain","required":true},"weight":{"type":"number","description_kind":"plain","optional":true}},"description_kind":"plain"}},"ovh_iploadbalancing_tcp_frontend":{"version":0,"block":{"attributes":{"allowed_source":{"type":["list","string"],"description_kind":"plain","optional":true},"dedicated_ipfo":{"type":["list","string"],"description_kind":"plain","optional":true},"default_farm_id":{"type":"number","description_kind":"plain","optional":true,"computed":true},"default_ssl_id":{"type":"number","description_kind":"plain","optional":true,"computed":true},"disabled":{"type":"bool","description_kind":"plain","optional":true},"display_name":{"type":"string","description_kind":"plain","optional":true},"id":{"type":"string","description_kind":"plain","optional":true,"computed":true},"port":{"type":"string","description_kind":"plain","required":true},"service_name":{"type":"string","description_kind":"plain","required":true},"ssl":{"type":"bool","description_kind":"plain","optional":true},"zone":{"type":"string","description_kind":"plain","required":true}},"description_kind":"plain"}},"ovh_iploadbalancing_vrack_network":{"version":0,"block":{"attributes":{"display_name":{"type":"string","description":"Human readable name for your vrack network","description_kind":"plain","optional":true},"farm_id":{"type":["list","number"],"description":"This attribute is there for documentation purpose only and isnt passed to the OVH API as it may conflicts with http/tcp farms `vrack_network_id` attribute","description_kind":"plain","optional":true},"id":{"type":"string","description_kind":"plain","optional":true,"computed":true},"nat_ip":{"type":"string","description":"An IP block used as a pool of IPs by this Load Balancer to connect to the servers in this private network. The blck must be in the private network and reserved for the Load Balancer","description_kind":"plain","required":true},"service_name":{"type":"string","description":"The internal name of your IPloadbalancer","description_kind":"plain","required":true},"subnet":{"type":"string","description":"IP block of the private network in the vRack","description_kind":"plain","required":true},"vlan":{"type":"number","description":"VLAN of the private network in the vRack. 0 if the private network is not in a VLAN","description_kind":"plain","optional":true,"computed":true},"vrack_network_id":{"type":"number","description":"Internal Load Balancer identifier of the vRack private network","description_kind":"plain","computed":true}},"description_kind":"plain"}},"ovh_me_installation_template":{"version":0,"block":{"attributes":{"available_languages":{"type":["list","string"],"description":"List of all language available for this template","description_kind":"plain","computed":true},"base_template_name":{"type":"string","description":"OVH template name yours will be based on, choose one among the list given by compatibleTemplates function","description_kind":"plain","required":true},"beta":{"type":"bool","description":"This distribution is new and, although tested and functional, may still display odd behaviour","description_kind":"plain","computed":true},"bit_format":{"type":"number","description":"This template bit format (32 or 64)","description_kind":"plain","computed":true},"category":{"type":"string","description":"Category of this template (informative only). (basic, customer, hosting, other, readyToUse, virtualisation)","description_kind":"plain","computed":true},"default_language":{"type":"string","description":"The default language of this template","description_kind":"plain","required":true},"deprecated":{"type":"bool","description":"is this distribution deprecated","description_kind":"plain","computed":true},"description":{"type":"string","description":"information about this template","description_kind":"plain","computed":true},"distribution":{"type":"string","description":"the distribution this template is based on","description_kind":"plain","computed":true},"family":{"type":"string","description":"this template family type (bsd,linux,solaris,windows)","description_kind":"plain","computed":true},"filesystems":{"type":["list","string"],"description":"Filesystems available (btrfs,ext3,ext4,ntfs,reiserfs,swap,ufs,xfs,zfs)","description_kind":"plain","computed":true},"hard_raid_configuration":{"type":"bool","description":"This distribution supports hardware raid configuration through the OVH API","description_kind":"plain","computed":true},"id":{"type":"string","description_kind":"plain","optional":true,"computed":true},"last_modification":{"type":"string","description":"Date of last modification of the base image","description_kind":"plain","computed":true},"lvm_ready":{"type":"bool","description":"This distribution supports Logical Volumes (Linux LVM)","description_kind":"plain","computed":true},"remove_default_partition_schemes":{"type":"bool","description":"Remove default partition schemes at creation","description_kind":"plain","optional":true,"computed":true},"supports_distribution_kernel":{"type":"bool","description":"This distribution supports installation using the distribution's native kernel instead of the recommended OVH kernel","description_kind":"plain","computed":true},"supports_gpt_label":{"type":"bool","description":"This distribution supports the GUID Partition Table (GPT), providing up to 128 partitions that can have more than 2TB","description_kind":"plain","computed":true},"supports_rtm":{"type":"bool","description":"This distribution supports RTM software","description_kind":"plain","computed":true},"supports_sql_server":{"type":"bool","description":"This distribution supports the microsoft SQL server","description_kind":"plain","computed":true},"supports_uefi":{"type":"string","description":"This distribution supports UEFI setup (no,only,yes)","description_kind":"plain","computed":true},"template_name":{"type":"string","description":"This template name","description_kind":"plain","required":true}},"block_types":{"customization":{"nesting_mode":"list","block":{"attributes":{"change_log":{"type":"string","description":"Template change log details","description_kind":"plain","optional":true},"custom_hostname":{"type":"string","description":"Set up the server using the provided hostname instead of the default hostname","description_kind":"plain","optional":true},"post_installation_script_link":{"type":"string","description":"Indicate the URL where your postinstall customisation script is located","description_kind":"plain","optional":true},"post_installation_script_return":{"type":"string","description":"indicate the string returned by your postinstall customisation script on successful execution. Advice: your script should return a unique validation string in case of succes. A good example is 'loh1Xee7eo OK OK OK UGh8Ang1Gu'","description_kind":"plain","optional":true},"rating":{"type":"number","description_kind":"plain","optional":true},"ssh_key_name":{"type":"string","description":"Name of the ssh key that should be installed. Password login will be disabled","description_kind":"plain","optional":true},"use_distribution_kernel":{"type":"bool","description":"Use the distribution's native kernel instead of the recommended OVH Kernel","description_kind":"plain","optional":true}},"description_kind":"plain"},"max_items":1}},"description_kind":"plain"}},"ovh_me_installation_template_partition_scheme":{"version":0,"block":{"attributes":{"id":{"type":"string","description_kind":"plain","optional":true,"computed":true},"name":{"type":"string","description":"name of this partitioning scheme","description_kind":"plain","required":true},"priority":{"type":"number","description":"on a reinstall, if a partitioning scheme is not specified, the one with the higher priority will be used by default, among all the compatible partitioning schemes (given the underlying hardware specifications)","description_kind":"plain","required":true},"template_name":{"type":"string","description":"This template name","description_kind":"plain","required":true}},"description_kind":"plain"}},"ovh_me_installation_template_partition_scheme_hardware_raid":{"version":0,"block":{"attributes":{"disks":{"type":["list","string"],"description":"Disk List. Syntax is cX:dY for disks and [cX:dY,cX:dY] for groups. With X and Y resp. the controller id and the disk id","description_kind":"plain","required":true},"id":{"type":"string","description_kind":"plain","optional":true,"computed":true},"mode":{"type":"string","description":"RAID mode (raid0, raid1, raid10, raid5, raid50, raid6, raid60)","description_kind":"plain","required":true},"name":{"type":"string","description":"Hardware RAID name","description_kind":"plain","required":true},"scheme_name":{"type":"string","description":"name of this partitioning scheme","description_kind":"plain","required":true},"step":{"type":"number","description":"Specifies the creation order of the hardware RAID","description_kind":"plain","required":true},"template_name":{"type":"string","description":"Template name","description_kind":"plain","required":true}},"description_kind":"plain"}},"ovh_me_installation_template_partition_scheme_partition":{"version":0,"block":{"attributes":{"filesystem":{"type":"string","description":"Partition filesystem","description_kind":"plain","required":true},"id":{"type":"string","description_kind":"plain","optional":true,"computed":true},"mountpoint":{"type":"string","description":"partition mount point","description_kind":"plain","required":true},"order":{"type":"number","description":"step or order. specifies the creation order of the partition on the disk","description_kind":"plain","required":true},"raid":{"type":"string","description":"raid partition type","description_kind":"plain","optional":true,"computed":true},"scheme_name":{"type":"string","description":"name of this partitioning scheme","description_kind":"plain","required":true},"size":{"type":"number","description":"size of partition in MB, 0 =\u003e rest of the space","description_kind":"plain","required":true},"template_name":{"type":"string","description":"Template name","description_kind":"plain","required":true},"type":{"type":"string","description":"partition type","description_kind":"plain","required":true},"volume_name":{"type":"string","description":"The volume name needed for proxmox distribution","description_kind":"plain","optional":true,"computed":true}},"description_kind":"plain"}},"ovh_me_ipxe_script":{"version":0,"block":{"attributes":{"description":{"type":"string","description":"For documentation purpose only. This attribute is not passed to the OVH API as it cannot be retrieved back. Instead a fake description ('$name auto description') is passed at creation time.","description_kind":"plain","optional":true,"computed":true},"id":{"type":"string","description_kind":"plain","optional":true,"computed":true},"name":{"type":"string","description":"Name of your script","description_kind":"plain","required":true},"script":{"type":"string","description":"Content of your IPXE script","description_kind":"plain","required":true}},"description_kind":"plain"}},"ovh_me_ssh_key":{"version":0,"block":{"attributes":{"default":{"type":"bool","description":"True when this public Ssh key is used for rescue mode and reinstallations","description_kind":"plain","optional":true,"computed":true},"id":{"type":"string","description_kind":"plain","optional":true,"computed":true},"key":{"type":"string","description":"ASCII encoded public Ssh key","description_kind":"plain","required":true},"key_name":{"type":"string","description":"Name of this public Ssh key","description_kind":"plain","required":true}},"description_kind":"plain"}},"ovh_publiccloud_private_network":{"version":0,"block":{"attributes":{"id":{"type":"string","description_kind":"plain","optional":true,"computed":true},"name":{"type":"string","description_kind":"plain","required":true},"project_id":{"type":"string","description_kind":"plain","required":true},"regions":{"type":["set","string"],"description_kind":"plain","optional":true,"computed":true},"regions_status":{"type":["set",["object",{"region":"string","status":"string"}]],"description_kind":"plain","computed":true},"status":{"type":"string","description_kind":"plain","computed":true},"type":{"type":"string","description_kind":"plain","computed":true},"vlan_id":{"type":"number","description_kind":"plain","optional":true}},"description_kind":"plain","deprecated":true}},"ovh_publiccloud_private_network_subnet":{"version":0,"block":{"attributes":{"cidr":{"type":"string","description_kind":"plain","computed":true},"dhcp":{"type":"bool","description_kind":"plain","optional":true},"end":{"type":"string","description_kind":"plain","required":true},"gateway_ip":{"type":"string","description_kind":"plain","computed":true},"id":{"type":"string","description_kind":"plain","optional":true,"computed":true},"ip_pools":{"type":["set",["object",{"dhcp":"bool","end":"string","network":"string","region":"string","start":"string"}]],"description_kind":"plain","computed":true},"network":{"type":"string","description_kind":"plain","required":true},"network_id":{"type":"string","description_kind":"plain","required":true},"no_gateway":{"type":"bool","description_kind":"plain","optional":true},"project_id":{"type":"string","description_kind":"plain","optional":true},"region":{"type":"string","description_kind":"plain","required":true},"start":{"type":"string","description_kind":"plain","required":true}},"description_kind":"plain","deprecated":true}},"ovh_publiccloud_user":{"version":0,"block":{"attributes":{"creation_date":{"type":"string","description_kind":"plain","computed":true},"description":{"type":"string","description_kind":"plain","optional":true},"id":{"type":"string","description_kind":"plain","optional":true,"computed":true},"openstack_rc":{"type":["map","string"],"description_kind":"plain","optional":true,"computed":true},"password":{"type":"string","description_kind":"plain","computed":true,"sensitive":true},"project_id":{"type":"string","description":"Id of the cloud project. DEPRECATED, use `service_name` instead","description_kind":"plain","optional":true},"role_name":{"type":"string","description_kind":"plain","optional":true},"role_names":{"type":["list","string"],"description_kind":"plain","optional":true},"roles":{"type":["list",["object",{"description":"string","id":"string","name":"string","permissions":["set","string"]}]],"description_kind":"plain","computed":true},"service_name":{"type":"string","description":"Service name of the resource representing the id of the cloud project.","description_kind":"plain","optional":true},"status":{"type":"string","description_kind":"plain","computed":true},"username":{"type":"string","description_kind":"plain","computed":true}},"description_kind":"plain","deprecated":true}},"ovh_vrack_cloudproject":{"version":0,"block":{"attributes":{"id":{"type":"string","description_kind":"plain","optional":true,"computed":true},"project_id":{"type":"string","description_kind":"plain","optional":true},"vrack_id":{"type":"string","description_kind":"plain","optional":true}},"description_kind":"plain"}},"ovh_vrack_dedicated_server":{"version":0,"block":{"attributes":{"id":{"type":"string","description_kind":"plain","optional":true,"computed":true},"server_id":{"type":"string","description_kind":"plain","required":true},"vrack_id":{"type":"string","description_kind":"plain","required":true}},"description_kind":"plain"}},"ovh_vrack_dedicated_server_interface":{"version":0,"block":{"attributes":{"id":{"type":"string","description_kind":"plain","optional":true,"computed":true},"interface_id":{"type":"string","description_kind":"plain","required":true},"vrack_id":{"type":"string","description_kind":"plain","required":true}},"description_kind":"plain"}},"ovh_vrack_iploadbalancing":{"version":0,"block":{"attributes":{"id":{"type":"string","description_kind":"plain","optional":true,"computed":true},"ip_loadbalancing":{"type":"string","description":"Your ipLoadbalancing","description_kind":"plain","required":true},"service_name":{"type":"string","description":"The internal name of your vrack","description_kind":"plain","required":true}},"description_kind":"plain"}},"ovh_vrack_publiccloud_attachment":{"version":0,"block":{"attributes":{"id":{"type":"string","description_kind":"plain","optional":true,"computed":true},"project_id":{"type":"string","description_kind":"plain","optional":true},"vrack_id":{"type":"string","description_kind":"plain","optional":true}},"description_kind":"plain","deprecated":true}}},"data_source_schemas":{"ovh_cloud_region":{"version":0,"block":{"attributes":{"continentCode":{"type":"string","description_kind":"plain","deprecated":true,"computed":true},"continent_code":{"type":"string","description_kind":"plain","computed":true},"datacenterLocation":{"type":"string","description_kind":"plain","deprecated":true,"computed":true},"datacenter_location":{"type":"string","description_kind":"plain","computed":true},"id":{"type":"string","description_kind":"plain","optional":true,"computed":true},"name":{"type":"string","description_kind":"plain","required":true},"project_id":{"type":"string","description_kind":"plain","required":true},"services":{"type":["set",["object",{"name":"string","status":"string"}]],"description_kind":"plain","computed":true}},"description_kind":"plain"}},"ovh_cloud_regions":{"version":0,"block":{"attributes":{"has_services_up":{"type":["set","string"],"description_kind":"plain","optional":true},"id":{"type":"string","description_kind":"plain","optional":true,"computed":true},"names":{"type":["set","string"],"description_kind":"plain","computed":true},"project_id":{"type":"string","description_kind":"plain","required":true}},"description_kind":"plain"}},"ovh_dedicated_ceph":{"version":0,"block":{"attributes":{"ceph_mons":{"type":["list","string"],"description_kind":"plain","computed":true},"ceph_version":{"type":"string","description_kind":"plain","optional":true,"computed":true},"crush_tunables":{"type":"string","description_kind":"plain","computed":true},"id":{"type":"string","description_kind":"plain","optional":true,"computed":true},"label":{"type":"string","description_kind":"plain","computed":true},"region":{"type":"string","description_kind":"plain","computed":true},"service_name":{"type":"string","description_kind":"plain","required":true},"size":{"type":"number","description_kind":"plain","computed":true},"state":{"type":"string","description_kind":"plain","computed":true},"status":{"type":"string","description_kind":"plain","optional":true,"computed":true}},"description_kind":"plain"}},"ovh_dedicated_installation_templates":{"version":0,"block":{"attributes":{"id":{"type":"string","description_kind":"plain","optional":true,"computed":true},"result":{"type":["list","string"],"description_kind":"plain","computed":true}},"description_kind":"plain"}},"ovh_dedicated_server":{"version":0,"block":{"attributes":{"boot_id":{"type":"number","description_kind":"plain","computed":true},"commercial_range":{"type":"string","description":"dedicater server commercial range","description_kind":"plain","computed":true},"datacenter":{"type":"string","description":"dedicated datacenter localisation (bhs1,bhs2,...)","description_kind":"plain","computed":true},"enabled_public_vnis":{"type":["list","string"],"description":"List of enabled public VNI uuids","description_kind":"plain","computed":true},"enabled_vrack_aggregation_vnis":{"type":["list","string"],"description":"List of enabled vrack_aggregation VNI uuids","description_kind":"plain","computed":true},"enabled_vrack_vnis":{"type":["list","string"],"description":"List of enabled vrack VNI uuids","description_kind":"plain","computed":true},"id":{"type":"string","description_kind":"plain","optional":true,"computed":true},"ip":{"type":"string","description":"dedicated server ip (IPv4)","description_kind":"plain","computed":true},"ips":{"type":["list","string"],"description":"dedicated server ip blocks","description_kind":"plain","computed":true},"link_speed":{"type":"number","description_kind":"plain","computed":true},"monitoring":{"type":"bool","description":"Icmp monitoring state","description_kind":"plain","computed":true},"name":{"type":"string","description":"dedicated server name","description_kind":"plain","computed":true},"os":{"type":"string","description":"Operating system","description_kind":"plain","computed":true},"professional_use":{"type":"bool","description":"Does this server have professional use option","description_kind":"plain","computed":true},"rack":{"type":"string","description_kind":"plain","computed":true},"rescue_mail":{"type":"string","description_kind":"plain","computed":true},"reverse":{"type":"string","description":"dedicated server reverse","description_kind":"plain","computed":true},"root_device":{"type":"string","description_kind":"plain","computed":true},"server_id":{"type":"number","description":"your server id","description_kind":"plain","computed":true},"service_name":{"type":"string","description_kind":"plain","required":true},"state":{"type":"string","description":"error, hacked, hackedBlocked, ok","description_kind":"plain","computed":true},"support_level":{"type":"string","description":"Dedicated server support level (critical, fastpath, gs, pro)","description_kind":"plain","computed":true},"vnis":{"type":["list",["object",{"enabled":"bool","mode":"string","name":"string","nics":["list","string"],"server_name":"string","uuid":"string","vrack":"string"}]],"description_kind":"plain","computed":true}},"description_kind":"plain"}},"ovh_dedicated_server_boots":{"version":0,"block":{"attributes":{"boot_type":{"type":"string","description":"Filter the value of bootType property","description_kind":"plain","optional":true},"id":{"type":"string","description_kind":"plain","optional":true,"computed":true},"kernel":{"type":"string","description":"Filter the value of kernel property","description_kind":"plain","optional":true},"result":{"type":["list","number"],"description":"Server compatibles netboots ids","description_kind":"plain","computed":true},"service_name":{"type":"string","description":"The internal name of your dedicated server.","description_kind":"plain","required":true}},"description_kind":"plain"}},"ovh_dedicated_servers":{"version":0,"block":{"attributes":{"id":{"type":"string","description_kind":"plain","optional":true,"computed":true},"result":{"type":["list","string"],"description_kind":"plain","computed":true}},"description_kind":"plain"}},"ovh_domain_zone":{"version":0,"block":{"attributes":{"dnssec_supported":{"type":"bool","description_kind":"plain","computed":true},"has_dns_anycast":{"type":"bool","description_kind":"plain","computed":true},"id":{"type":"string","description_kind":"plain","optional":true,"computed":true},"last_update":{"type":"string","description_kind":"plain","computed":true},"name":{"type":"string","description_kind":"plain","required":true},"name_servers":{"type":["set","string"],"description_kind":"plain","computed":true}},"description_kind":"plain"}},"ovh_iploadbalancing":{"version":0,"block":{"attributes":{"display_name":{"type":"string","description_kind":"plain","optional":true,"computed":true},"id":{"type":"string","description_kind":"plain","optional":true,"computed":true},"ip_loadbalancing":{"type":"string","description_kind":"plain","optional":true,"computed":true},"ipv4":{"type":"string","description_kind":"plain","optional":true,"computed":true},"ipv6":{"type":"string","description_kind":"plain","optional":true,"computed":true},"metrics_token":{"type":"string","description_kind":"plain","computed":true,"sensitive":true},"offer":{"type":"string","description_kind":"plain","optional":true,"computed":true},"orderable_zone":{"type":["set",["object",{"name":"string","plan_code":"string"}]],"description_kind":"plain","computed":true},"service_name":{"type":"string","description_kind":"plain","optional":true,"computed":true},"ssl_configuration":{"type":"string","description_kind":"plain","optional":true,"computed":true},"state":{"type":"string","description_kind":"plain","optional":true,"computed":true},"vrack_eligibility":{"type":"bool","description_kind":"plain","optional":true,"computed":true},"vrack_name":{"type":"string","description_kind":"plain","optional":true,"computed":true},"zone":{"type":["set","string"],"description_kind":"plain","optional":true,"computed":true}},"description_kind":"plain"}},"ovh_iploadbalancing_vrack_network":{"version":0,"block":{"attributes":{"display_name":{"type":"string","description":"Human readable name for your vrack network","description_kind":"plain","computed":true},"id":{"type":"string","description_kind":"plain","optional":true,"computed":true},"nat_ip":{"type":"string","description":"An IP block used as a pool of IPs by this Load Balancer to connect to the servers in this private network. The blck must be in the private network and reserved for the Load Balancer","description_kind":"plain","computed":true},"service_name":{"type":"string","description":"The internal name of your IPloadbalancer","description_kind":"plain","required":true},"subnet":{"type":"string","description":"IP block of the private network in the vRack","description_kind":"plain","computed":true},"vlan":{"type":"number","description":"VLAN of the private network in the vRack. 0 if the private network is not in a VLAN","description_kind":"plain","computed":true},"vrack_network_id":{"type":"number","description":"Internal Load Balancer identifier of the vRack private network","description_kind":"plain","required":true}},"description_kind":"plain"}},"ovh_iploadbalancing_vrack_networks":{"version":0,"block":{"attributes":{"id":{"type":"string","description_kind":"plain","optional":true,"computed":true},"result":{"type":["list","number"],"description_kind":"plain","computed":true},"service_name":{"type":"string","description":"The internal name of your iploadbalancer.","description_kind":"plain","required":true},"subnet":{"type":"string","description":"Filters on subnet","description_kind":"plain","optional":true},"vlan_id":{"type":"number","description":"Filters on vlan id","description_kind":"plain","optional":true}},"description_kind":"plain"}},"ovh_me_installation_template":{"version":0,"block":{"attributes":{"available_languages":{"type":["list","string"],"description":"List of all language available for this template","description_kind":"plain","computed":true},"beta":{"type":"bool","description":"This distribution is new and, although tested and functional, may still display odd behaviour","description_kind":"plain","computed":true},"bit_format":{"type":"number","description":"This template bit format (32 or 64)","description_kind":"plain","computed":true},"category":{"type":"string","description":"Category of this template (informative only). (basic, customer, hosting, other, readyToUse, virtualisation)","description_kind":"plain","computed":true},"customization":{"type":["list",["object",{"change_log":"string","custom_hostname":"string","post_installation_script_link":"string","post_installation_script_return":"string","rating":"number","ssh_key_name":"string","use_distribution_kernel":"bool"}]],"description_kind":"plain","computed":true},"default_language":{"type":"string","description":"The default language of this template","description_kind":"plain","computed":true},"deprecated":{"type":"bool","description":"is this distribution deprecated","description_kind":"plain","computed":true},"description":{"type":"string","description":"information about this template","description_kind":"plain","computed":true},"distribution":{"type":"string","description":"the distribution this template is based on","description_kind":"plain","computed":true},"family":{"type":"string","description":"this template family type (bsd,linux,solaris,windows)","description_kind":"plain","computed":true},"filesystems":{"type":["list","string"],"description":"Filesystems available (btrfs,ext3,ext4,ntfs,reiserfs,swap,ufs,xfs,zfs)","description_kind":"plain","computed":true},"hard_raid_configuration":{"type":"bool","description":"This distribution supports hardware raid configuration through the OVH API","description_kind":"plain","computed":true},"id":{"type":"string","description_kind":"plain","optional":true,"computed":true},"last_modification":{"type":"string","description":"Date of last modification of the base image","description_kind":"plain","computed":true},"lvm_ready":{"type":"bool","description":"This distribution supports Logical Volumes (Linux LVM)","description_kind":"plain","computed":true},"partition_scheme":{"type":["list",["object",{"hardware_raid":["list",["object",{"disks":["list","string"],"mode":"string","name":"string","step":"number"}]],"name":"string","partition":["list",["object",{"filesystem":"string","mountpoint":"string","order":"number","raid":"string","size":"number","type":"string","volume_name":"string"}]],"priority":"number"}]],"description_kind":"plain","computed":true},"supports_distribution_kernel":{"type":"bool","description":"This distribution supports installation using the distribution's native kernel instead of the recommended OVH kernel","description_kind":"plain","computed":true},"supports_gpt_label":{"type":"bool","description":"This distribution supports the GUID Partition Table (GPT), providing up to 128 partitions that can have more than 2TB","description_kind":"plain","computed":true},"supports_rtm":{"type":"bool","description":"This distribution supports RTM software","description_kind":"plain","computed":true},"supports_sql_server":{"type":"bool","description":"This distribution supports the microsoft SQL server","description_kind":"plain","computed":true},"supports_uefi":{"type":"string","description":"This distribution supports UEFI setup (no,only,yes)","description_kind":"plain","computed":true},"template_name":{"type":"string","description":"This template name","description_kind":"plain","required":true}},"description_kind":"plain"}},"ovh_me_installation_templates":{"version":0,"block":{"attributes":{"id":{"type":"string","description_kind":"plain","optional":true,"computed":true},"result":{"type":["list","string"],"description_kind":"plain","computed":true}},"description_kind":"plain"}},"ovh_me_ipxe_script":{"version":0,"block":{"attributes":{"id":{"type":"string","description_kind":"plain","optional":true,"computed":true},"name":{"type":"string","description":"Name of your script","description_kind":"plain","required":true},"script":{"type":"string","description":"Content of your IPXE script","description_kind":"plain","computed":true}},"description_kind":"plain"}},"ovh_me_ipxe_scripts":{"version":0,"block":{"attributes":{"id":{"type":"string","description_kind":"plain","optional":true,"computed":true},"result":{"type":["list","string"],"description_kind":"plain","computed":true}},"description_kind":"plain"}},"ovh_me_paymentmean_bankaccount":{"version":0,"block":{"attributes":{"default":{"type":"bool","description_kind":"plain","computed":true},"description":{"type":"string","description_kind":"plain","computed":true},"description_regexp":{"type":"string","description_kind":"plain","optional":true},"id":{"type":"string","description_kind":"plain","optional":true,"computed":true},"state":{"type":"string","description_kind":"plain","optional":true,"computed":true},"use_default":{"type":"bool","description_kind":"plain","optional":true},"use_oldest":{"type":"bool","description_kind":"plain","optional":true}},"description_kind":"plain"}},"ovh_me_paymentmean_creditcard":{"version":0,"block":{"attributes":{"default":{"type":"bool","description_kind":"plain","computed":true},"description":{"type":"string","description_kind":"plain","computed":true},"description_regexp":{"type":"string","description_kind":"plain","optional":true},"id":{"type":"string","description_kind":"plain","optional":true,"computed":true},"state":{"type":"string","description_kind":"plain","computed":true},"states":{"type":["set","string"],"description_kind":"plain","optional":true},"use_default":{"type":"bool","description_kind":"plain","optional":true},"use_last_to_expire":{"type":"bool","description_kind":"plain","optional":true}},"description_kind":"plain"}},"ovh_me_ssh_key":{"version":0,"block":{"attributes":{"default":{"type":"bool","description":"True when this public Ssh key is used for rescue mode and reinstallations","description_kind":"plain","computed":true},"id":{"type":"string","description_kind":"plain","optional":true,"computed":true},"key":{"type":"string","description":"ASCII encoded public Ssh key","description_kind":"plain","computed":true},"key_name":{"type":"string","description":"Name of this public Ssh key","description_kind":"plain","required":true}},"description_kind":"plain"}},"ovh_me_ssh_keys":{"version":0,"block":{"attributes":{"id":{"type":"string","description_kind":"plain","optional":true,"computed":true},"names":{"type":["set","string"],"description_kind":"plain","computed":true}},"description_kind":"plain"}},"ovh_publiccloud_region":{"version":0,"block":{"attributes":{"continentCode":{"type":"string","description_kind":"plain","deprecated":true,"computed":true},"continent_code":{"type":"string","description_kind":"plain","computed":true},"datacenterLocation":{"type":"string","description_kind":"plain","deprecated":true,"computed":true},"datacenter_location":{"type":"string","description_kind":"plain","computed":true},"id":{"type":"string","description_kind":"plain","optional":true,"computed":true},"name":{"type":"string","description_kind":"plain","required":true},"project_id":{"type":"string","description_kind":"plain","required":true},"services":{"type":["set",["object",{"name":"string","status":"string"}]],"description_kind":"plain","computed":true}},"description_kind":"plain","deprecated":true}},"ovh_publiccloud_regions":{"version":0,"block":{"attributes":{"has_services_up":{"type":["set","string"],"description_kind":"plain","optional":true},"id":{"type":"string","description_kind":"plain","optional":true,"computed":true},"names":{"type":["set","string"],"description_kind":"plain","computed":true},"project_id":{"type":"string","description_kind":"plain","required":true}},"description_kind":"plain","deprecated":true}},"ovh_vps":{"version":0,"block":{"attributes":{"cluster":{"type":"string","description_kind":"plain","computed":true},"datacenter":{"type":["set",["object",{"longname":"string","name":"string"}]],"description_kind":"plain","computed":true},"displayname":{"type":"string","description_kind":"plain","computed":true},"id":{"type":"string","description_kind":"plain","optional":true,"computed":true},"ips":{"type":["set","string"],"description_kind":"plain","computed":true},"keymap":{"type":"string","description_kind":"plain","computed":true},"memory":{"type":"number","description_kind":"plain","computed":true},"model":{"type":["set",["object",{"name":"string","offer":"string","version":"string"}]],"description_kind":"plain","computed":true},"name":{"type":"string","description_kind":"plain","computed":true},"netbootmode":{"type":"string","description_kind":"plain","computed":true},"offertype":{"type":"string","description_kind":"plain","computed":true},"service_name":{"type":"string","description_kind":"plain","required":true},"slamonitoring":{"type":"bool","description_kind":"plain","computed":true},"state":{"type":"string","description_kind":"plain","computed":true},"type":{"type":"string","description_kind":"plain","computed":true},"vcore":{"type":"number","description_kind":"plain","computed":true},"zone":{"type":"string","description_kind":"plain","computed":true}},"description_kind":"plain"}},"ovh_vracks":{"version":0,"block":{"attributes":{"id":{"type":"string","description_kind":"plain","optional":true,"computed":true},"result":{"type":["list","string"],"description_kind":"plain","computed":true}},"description_kind":"plain"}}}}}}
