{"format_version":"0.2","provider_schemas":{"registry.terraform.io/irekromaniuk/alteon":{"provider":{"version":0,"block":{"attributes":{"password":{"type":"string","description_kind":"plain","optional":true,"sensitive":true},"uri":{"type":"string","description_kind":"plain","optional":true,"sensitive":true},"username":{"type":"string","description_kind":"plain","optional":true}},"description_kind":"plain"}},"resource_schemas":{"alteon_real_server":{"version":0,"block":{"attributes":{"id":{"type":"string","description_kind":"plain","optional":true,"computed":true},"index":{"type":"string","description_kind":"plain","required":true},"last_updated":{"type":"string","description_kind":"plain","optional":true,"computed":true}},"block_types":{"items":{"nesting_mode":"list","block":{"attributes":{"addportsegress":{"type":"number","description_kind":"plain","optional":true},"addportsingress":{"type":"number","description_kind":"plain","optional":true},"addurl":{"type":"number","description_kind":"plain","optional":true},"cookie":{"type":"number","description_kind":"plain","optional":true},"copy":{"type":"string","description_kind":"plain","optional":true},"deletestatus":{"type":"number","description_kind":"plain","optional":true},"egressif":{"type":"number","description_kind":"plain","optional":true},"excludestr":{"type":"number","description_kind":"plain","optional":true},"failretry":{"type":"number","description_kind":"plain","optional":true},"idsport":{"type":"number","description_kind":"plain","optional":true},"ingressif":{"type":"number","description_kind":"plain","optional":true},"ipaddr":{"type":"string","description_kind":"plain","required":true},"ipv6addr":{"type":"string","description_kind":"plain","optional":true},"ipver":{"type":"number","description_kind":"plain","optional":true},"llbtype":{"type":"number","description_kind":"plain","optional":true},"maxconns":{"type":"number","description_kind":"plain","optional":true},"name":{"type":"string","description_kind":"plain","optional":true},"nxtbuddyidx":{"type":"number","description_kind":"plain","optional":true},"nxtrportidx":{"type":"number","description_kind":"plain","optional":true},"pinginterval":{"type":"number","description_kind":"plain","optional":true},"portsegress":{"type":"string","description_kind":"plain","optional":true},"portsingress":{"type":"string","description_kind":"plain","optional":true},"remportsegress":{"type":"number","description_kind":"plain","optional":true},"remportsingress":{"type":"number","description_kind":"plain","optional":true},"remurl":{"type":"number","description_kind":"plain","optional":true},"sectype":{"type":"number","description_kind":"plain","optional":true},"state":{"type":"number","description_kind":"plain","optional":true},"submac":{"type":"number","description_kind":"plain","optional":true},"succretry":{"type":"number","description_kind":"plain","optional":true},"timeout":{"type":"number","description_kind":"plain","optional":true},"type":{"type":"number","description_kind":"plain","optional":true},"vlanegress":{"type":"number","description_kind":"plain","optional":true},"vlaningress":{"type":"number","description_kind":"plain","optional":true},"weight":{"type":"number","description_kind":"plain","optional":true}},"description_kind":"plain"},"min_items":1}},"description_kind":"plain"}}},"data_source_schemas":{"alteon_real_server":{"version":0,"block":{"attributes":{"id":{"type":"string","description_kind":"plain","optional":true,"computed":true},"index":{"type":"string","description_kind":"plain","required":true},"items":{"type":["list",["object",{"addportsegress":"number","addportsingress":"number","addurl":"number","cookie":"number","copy":"string","deletestatus":"number","egressif":"number","excludestr":"number","failretry":"number","idsport":"number","ingressif":"number","ipaddr":"string","ipv6addr":"string","ipver":"number","llbtype":"number","maxconns":"number","name":"string","nxtbuddyidx":"number","nxtrportidx":"number","pinginterval":"number","portsegress":"string","portsingress":"string","remportsegress":"number","remportsingress":"number","remurl":"number","sectype":"number","state":"number","submac":"number","succretry":"number","timeout":"number","type":"number","vlanegress":"number","vlaningress":"number","weight":"number"}]],"description_kind":"plain","computed":true}},"description_kind":"plain"}}}}}}
