{"format_version":"0.2","provider_schemas":{"registry.terraform.io/issyl0/improvmx":{"provider":{"version":0,"block":{"attributes":{"token":{"type":"string","description":"The API token for API operations.","description_kind":"plain","required":true}},"description_kind":"plain"}},"resource_schemas":{"improvmx_domain":{"version":0,"block":{"attributes":{"domain":{"type":"string","description_kind":"plain","required":true},"id":{"type":"string","description_kind":"plain","optional":true,"computed":true},"notification_email":{"type":"string","description_kind":"plain","optional":true},"whitelabel":{"type":"string","description_kind":"plain","optional":true}},"description_kind":"plain"}},"improvmx_email_forward":{"version":0,"block":{"attributes":{"alias_name":{"type":"string","description_kind":"plain","required":true},"destination_email":{"type":"string","description_kind":"plain","required":true},"domain":{"type":"string","description_kind":"plain","required":true},"id":{"type":"string","description_kind":"plain","optional":true,"computed":true}},"description_kind":"plain"}},"improvmx_smtp_credential":{"version":0,"block":{"attributes":{"domain":{"type":"string","description_kind":"plain","required":true},"id":{"type":"string","description_kind":"plain","optional":true,"computed":true},"password":{"type":"string","description_kind":"plain","required":true,"sensitive":true},"username":{"type":"string","description_kind":"plain","required":true}},"description_kind":"plain"}}},"data_source_schemas":{"improvmx_domain_check":{"version":0,"block":{"attributes":{"domain":{"type":"string","description_kind":"plain","required":true},"id":{"type":"string","description_kind":"plain","optional":true,"computed":true},"record_mx_actual_values":{"type":["list","string"],"description_kind":"plain","computed":true},"record_mx_expected_values":{"type":["list","string"],"description_kind":"plain","computed":true},"record_mx_is_valid":{"type":"bool","description_kind":"plain","computed":true},"record_spf_actual_value":{"type":"string","description_kind":"plain","computed":true},"record_spf_expected_value":{"type":"string","description_kind":"plain","computed":true},"record_spf_is_valid":{"type":"bool","description_kind":"plain","computed":true},"records_are_valid":{"type":"bool","description_kind":"plain","computed":true}},"description_kind":"plain"}}}}}}
