{"format_version":"0.2","provider_schemas":{"registry.terraform.io/itglobalcom/serverspace":{"provider":{"version":0,"block":{"attributes":{"host":{"type":"string","description_kind":"plain","optional":true},"key":{"type":"string","description_kind":"plain","optional":true}},"description_kind":"plain"}},"resource_schemas":{"serverspace_isolated_network":{"version":0,"block":{"attributes":{"description":{"type":"string","description_kind":"plain","required":true},"id":{"type":"string","description_kind":"plain","optional":true,"computed":true},"location":{"type":"string","description_kind":"plain","required":true},"mask":{"type":"number","description_kind":"plain","required":true},"name":{"type":"string","description_kind":"plain","required":true},"network_prefix":{"type":"string","description_kind":"plain","required":true}},"description_kind":"plain"}},"serverspace_server":{"version":0,"block":{"attributes":{"boot_volume_id":{"type":"number","description_kind":"plain","computed":true},"boot_volume_size":{"type":"number","description_kind":"plain","required":true},"cpu":{"type":"number","description_kind":"plain","required":true},"id":{"type":"string","description_kind":"plain","optional":true,"computed":true},"image":{"type":"string","description_kind":"plain","required":true},"location":{"type":"string","description_kind":"plain","required":true},"name":{"type":"string","description_kind":"plain","required":true},"public_ip_addresses":{"type":["list","string"],"description_kind":"plain","computed":true},"ram":{"type":"number","description_kind":"plain","required":true},"ssh_keys":{"type":["list","number"],"description_kind":"plain","optional":true,"computed":true}},"block_types":{"nic":{"nesting_mode":"set","block":{"attributes":{"bandwidth":{"type":"number","description_kind":"plain","required":true},"id":{"type":"number","description_kind":"plain","computed":true},"ip_address":{"type":"string","description_kind":"plain","computed":true},"network":{"type":"string","description_kind":"plain","required":true},"network_type":{"type":"string","description_kind":"plain","required":true}},"description_kind":"plain"},"max_items":5},"volume":{"nesting_mode":"list","block":{"attributes":{"id":{"type":"number","description_kind":"plain","optional":true,"computed":true},"name":{"type":"string","description_kind":"plain","required":true},"size":{"type":"number","description_kind":"plain","required":true}},"description_kind":"plain"},"max_items":4}},"description_kind":"plain"}},"serverspace_ssh":{"version":0,"block":{"attributes":{"id":{"type":"string","description_kind":"plain","computed":true},"name":{"type":"string","description_kind":"plain","required":true},"public_key":{"type":"string","description_kind":"plain","required":true}},"description_kind":"plain"}}}}}}
