{"format_version":"0.2","provider_schemas":{"registry.terraform.io/iwarapter/pingfederate":{"provider":{"version":0,"block":{"attributes":{"base_url":{"type":"string","description":"The base url of the pingfederate API.","description_kind":"plain","optional":true},"bypass_external_validation":{"type":"bool","description":"External validation will be bypassed when set to true. Default to false.","description_kind":"plain","optional":true},"context":{"type":"string","description":"The context path of the pingfederate API.","description_kind":"plain","optional":true},"password":{"type":"string","description":"The password for pingfederate API.","description_kind":"plain","optional":true},"username":{"type":"string","description":"The username for pingfederate API.","description_kind":"plain","optional":true}},"description_kind":"plain"}},"resource_schemas":{"pingfederate_authentication_api_application":{"version":0,"block":{"attributes":{"additional_allowed_origins":{"type":["set","string"],"description_kind":"plain","optional":true},"app_id":{"type":"string","description_kind":"plain","optional":true,"computed":true},"description":{"type":"string","description_kind":"plain","optional":true},"id":{"type":"string","description_kind":"plain","optional":true,"computed":true},"name":{"type":"string","description_kind":"plain","required":true},"url":{"type":"string","description_kind":"plain","required":true}},"description_kind":"plain"}},"pingfederate_authentication_api_settings":{"version":0,"block":{"attributes":{"api_enabled":{"type":"bool","description_kind":"plain","optional":true},"enable_api_descriptions":{"type":"bool","description_kind":"plain","optional":true},"id":{"type":"string","description_kind":"plain","optional":true,"computed":true}},"block_types":{"default_application_ref":{"nesting_mode":"list","block":{"attributes":{"id":{"type":"string","description_kind":"plain","required":true},"location":{"type":"string","description_kind":"plain","computed":true}},"description_kind":"plain"},"max_items":1}},"description_kind":"plain"}},"pingfederate_authentication_policies":{"version":0,"block":{"attributes":{"fail_if_no_selection":{"type":"bool","description_kind":"plain","optional":true},"id":{"type":"string","description_kind":"plain","optional":true,"computed":true},"tracked_http_parameters":{"type":["set","string"],"description_kind":"plain","optional":true}},"block_types":{"authn_selection_trees":{"nesting_mode":"list","block":{"attributes":{"description":{"type":"string","description_kind":"plain","optional":true},"enabled":{"type":"bool","description_kind":"plain","optional":true},"name":{"type":"string","description_kind":"plain","required":true}},"block_types":{"authentication_api_application_ref":{"nesting_mode":"list","block":{"attributes":{"id":{"type":"string","description_kind":"plain","required":true},"location":{"type":"string","description_kind":"plain","computed":true}},"description_kind":"plain"},"max_items":1},"root_node":{"nesting_mode":"list","block":{"block_types":{"action":{"nesting_mode":"list","block":{"attributes":{"context":{"type":"string","description_kind":"plain","optional":true},"type":{"type":"string","description_kind":"plain","required":true}},"block_types":{"attribute_mapping":{"nesting_mode":"list","block":{"block_types":{"attribute_contract_fulfillment":{"nesting_mode":"set","block":{"attributes":{"key_name":{"type":"string","description_kind":"plain","required":true},"value":{"type":"string","description_kind":"plain","optional":true}},"block_types":{"source":{"nesting_mode":"list","block":{"attributes":{"id":{"type":"string","description_kind":"plain","optional":true},"type":{"type":"string","description_kind":"plain","required":true}},"description_kind":"plain"},"min_items":1,"max_items":1}},"description_kind":"plain"},"min_items":1},"custom_attribute_source":{"nesting_mode":"list","block":{"attributes":{"description":{"type":"string","description_kind":"plain","optional":true},"id":{"type":"string","description_kind":"plain","optional":true}},"block_types":{"attribute_contract_fulfillment":{"nesting_mode":"set","block":{"attributes":{"key_name":{"type":"string","description_kind":"plain","required":true},"value":{"type":"string","description_kind":"plain","optional":true}},"block_types":{"source":{"nesting_mode":"list","block":{"attributes":{"id":{"type":"string","description_kind":"plain","optional":true},"type":{"type":"string","description_kind":"plain","required":true}},"description_kind":"plain"},"min_items":1,"max_items":1}},"description_kind":"plain"}},"data_store_ref":{"nesting_mode":"list","block":{"attributes":{"id":{"type":"string","description_kind":"plain","required":true},"location":{"type":"string","description_kind":"plain","computed":true}},"description_kind":"plain"},"min_items":1,"max_items":1},"filter_fields":{"nesting_mode":"list","block":{"attributes":{"name":{"type":"string","description_kind":"plain","required":true},"value":{"type":"string","description_kind":"plain","optional":true}},"description_kind":"plain"},"min_items":1}},"description_kind":"plain"}},"issuance_criteria":{"nesting_mode":"list","block":{"block_types":{"conditional_criteria":{"nesting_mode":"list","block":{"attributes":{"attribute_name":{"type":"string","description_kind":"plain","required":true},"condition":{"type":"string","description_kind":"plain","required":true},"error_result":{"type":"string","description_kind":"plain","optional":true},"value":{"type":"string","description_kind":"plain","required":true}},"block_types":{"source":{"nesting_mode":"list","block":{"attributes":{"id":{"type":"string","description_kind":"plain","optional":true},"type":{"type":"string","description_kind":"plain","required":true}},"description_kind":"plain"},"min_items":1,"max_items":1}},"description_kind":"plain"}},"expression_criteria":{"nesting_mode":"list","block":{"attributes":{"error_result":{"type":"string","description_kind":"plain","optional":true},"expression":{"type":"string","description_kind":"plain","required":true}},"description_kind":"plain"}}},"description_kind":"plain"},"max_items":1},"jdbc_attribute_source":{"nesting_mode":"list","block":{"attributes":{"description":{"type":"string","description_kind":"plain","optional":true},"filter":{"type":"string","description_kind":"plain","required":true},"id":{"type":"string","description_kind":"plain","optional":true},"schema":{"type":"string","description_kind":"plain","optional":true},"table":{"type":"string","description_kind":"plain","required":true}},"block_types":{"attribute_contract_fulfillment":{"nesting_mode":"set","block":{"attributes":{"key_name":{"type":"string","description_kind":"plain","required":true},"value":{"type":"string","description_kind":"plain","optional":true}},"block_types":{"source":{"nesting_mode":"list","block":{"attributes":{"id":{"type":"string","description_kind":"plain","optional":true},"type":{"type":"string","description_kind":"plain","required":true}},"description_kind":"plain"},"min_items":1,"max_items":1}},"description_kind":"plain"}},"data_store_ref":{"nesting_mode":"list","block":{"attributes":{"id":{"type":"string","description_kind":"plain","required":true},"location":{"type":"string","description_kind":"plain","computed":true}},"description_kind":"plain"},"min_items":1,"max_items":1}},"description_kind":"plain"}},"ldap_attribute_source":{"nesting_mode":"list","block":{"attributes":{"base_dn":{"type":"string","description_kind":"plain","optional":true},"binary_attribute_settings":{"type":["map","string"],"description_kind":"plain","optional":true},"description":{"type":"string","description_kind":"plain","optional":true},"id":{"type":"string","description_kind":"plain","optional":true},"member_of_nested_group":{"type":"bool","description_kind":"plain","optional":true},"search_filter":{"type":"string","description_kind":"plain","required":true},"search_scope":{"type":"string","description_kind":"plain","required":true}},"block_types":{"attribute_contract_fulfillment":{"nesting_mode":"set","block":{"attributes":{"key_name":{"type":"string","description_kind":"plain","required":true},"value":{"type":"string","description_kind":"plain","optional":true}},"block_types":{"source":{"nesting_mode":"list","block":{"attributes":{"id":{"type":"string","description_kind":"plain","optional":true},"type":{"type":"string","description_kind":"plain","required":true}},"description_kind":"plain"},"min_items":1,"max_items":1}},"description_kind":"plain"}},"data_store_ref":{"nesting_mode":"list","block":{"attributes":{"id":{"type":"string","description_kind":"plain","required":true},"location":{"type":"string","description_kind":"plain","computed":true}},"description_kind":"plain"},"min_items":1,"max_items":1}},"description_kind":"plain"}}},"description_kind":"plain"},"max_items":1},"attribute_rules":{"nesting_mode":"list","block":{"attributes":{"fallback_to_success":{"type":"bool","description_kind":"plain","optional":true}},"block_types":{"items":{"nesting_mode":"set","block":{"attributes":{"attribute_name":{"type":"string","description_kind":"plain","required":true},"condition":{"type":"string","description_kind":"plain","required":true},"expected_value":{"type":"string","description_kind":"plain","required":true},"result":{"type":"string","description_kind":"plain","required":true}},"description_kind":"plain"}}},"description_kind":"plain"},"max_items":1},"authentication_policy_contract_ref":{"nesting_mode":"list","block":{"attributes":{"id":{"type":"string","description_kind":"plain","required":true},"location":{"type":"string","description_kind":"plain","computed":true}},"description_kind":"plain"},"max_items":1},"authentication_selector_ref":{"nesting_mode":"list","block":{"attributes":{"id":{"type":"string","description_kind":"plain","required":true},"location":{"type":"string","description_kind":"plain","computed":true}},"description_kind":"plain"},"max_items":1},"authentication_source":{"nesting_mode":"list","block":{"attributes":{"type":{"type":"string","description_kind":"plain","required":true}},"block_types":{"source_ref":{"nesting_mode":"list","block":{"attributes":{"id":{"type":"string","description_kind":"plain","required":true},"location":{"type":"string","description_kind":"plain","computed":true}},"description_kind":"plain"},"max_items":1}},"description_kind":"plain"},"max_items":1},"inbound_mapping":{"nesting_mode":"list","block":{"block_types":{"attribute_contract_fulfillment":{"nesting_mode":"set","block":{"attributes":{"key_name":{"type":"string","description_kind":"plain","required":true},"value":{"type":"string","description_kind":"plain","optional":true}},"block_types":{"source":{"nesting_mode":"list","block":{"attributes":{"id":{"type":"string","description_kind":"plain","optional":true},"type":{"type":"string","description_kind":"plain","required":true}},"description_kind":"plain"},"min_items":1,"max_items":1}},"description_kind":"plain"},"min_items":1},"custom_attribute_source":{"nesting_mode":"list","block":{"attributes":{"description":{"type":"string","description_kind":"plain","optional":true},"id":{"type":"string","description_kind":"plain","optional":true}},"block_types":{"attribute_contract_fulfillment":{"nesting_mode":"set","block":{"attributes":{"key_name":{"type":"string","description_kind":"plain","required":true},"value":{"type":"string","description_kind":"plain","optional":true}},"block_types":{"source":{"nesting_mode":"list","block":{"attributes":{"id":{"type":"string","description_kind":"plain","optional":true},"type":{"type":"string","description_kind":"plain","required":true}},"description_kind":"plain"},"min_items":1,"max_items":1}},"description_kind":"plain"}},"data_store_ref":{"nesting_mode":"list","block":{"attributes":{"id":{"type":"string","description_kind":"plain","required":true},"location":{"type":"string","description_kind":"plain","computed":true}},"description_kind":"plain"},"min_items":1,"max_items":1},"filter_fields":{"nesting_mode":"list","block":{"attributes":{"name":{"type":"string","description_kind":"plain","required":true},"value":{"type":"string","description_kind":"plain","optional":true}},"description_kind":"plain"},"min_items":1}},"description_kind":"plain"}},"issuance_criteria":{"nesting_mode":"list","block":{"block_types":{"conditional_criteria":{"nesting_mode":"list","block":{"attributes":{"attribute_name":{"type":"string","description_kind":"plain","required":true},"condition":{"type":"string","description_kind":"plain","required":true},"error_result":{"type":"string","description_kind":"plain","optional":true},"value":{"type":"string","description_kind":"plain","required":true}},"block_types":{"source":{"nesting_mode":"list","block":{"attributes":{"id":{"type":"string","description_kind":"plain","optional":true},"type":{"type":"string","description_kind":"plain","required":true}},"description_kind":"plain"},"min_items":1,"max_items":1}},"description_kind":"plain"}},"expression_criteria":{"nesting_mode":"list","block":{"attributes":{"error_result":{"type":"string","description_kind":"plain","optional":true},"expression":{"type":"string","description_kind":"plain","required":true}},"description_kind":"plain"}}},"description_kind":"plain"},"max_items":1},"jdbc_attribute_source":{"nesting_mode":"list","block":{"attributes":{"description":{"type":"string","description_kind":"plain","optional":true},"filter":{"type":"string","description_kind":"plain","required":true},"id":{"type":"string","description_kind":"plain","optional":true},"schema":{"type":"string","description_kind":"plain","optional":true},"table":{"type":"string","description_kind":"plain","required":true}},"block_types":{"attribute_contract_fulfillment":{"nesting_mode":"set","block":{"attributes":{"key_name":{"type":"string","description_kind":"plain","required":true},"value":{"type":"string","description_kind":"plain","optional":true}},"block_types":{"source":{"nesting_mode":"list","block":{"attributes":{"id":{"type":"string","description_kind":"plain","optional":true},"type":{"type":"string","description_kind":"plain","required":true}},"description_kind":"plain"},"min_items":1,"max_items":1}},"description_kind":"plain"}},"data_store_ref":{"nesting_mode":"list","block":{"attributes":{"id":{"type":"string","description_kind":"plain","required":true},"location":{"type":"string","description_kind":"plain","computed":true}},"description_kind":"plain"},"min_items":1,"max_items":1}},"description_kind":"plain"}},"ldap_attribute_source":{"nesting_mode":"list","block":{"attributes":{"base_dn":{"type":"string","description_kind":"plain","optional":true},"binary_attribute_settings":{"type":["map","string"],"description_kind":"plain","optional":true},"description":{"type":"string","description_kind":"plain","optional":true},"id":{"type":"string","description_kind":"plain","optional":true},"member_of_nested_group":{"type":"bool","description_kind":"plain","optional":true},"search_filter":{"type":"string","description_kind":"plain","required":true},"search_scope":{"type":"string","description_kind":"plain","required":true}},"block_types":{"attribute_contract_fulfillment":{"nesting_mode":"set","block":{"attributes":{"key_name":{"type":"string","description_kind":"plain","required":true},"value":{"type":"string","description_kind":"plain","optional":true}},"block_types":{"source":{"nesting_mode":"list","block":{"attributes":{"id":{"type":"string","description_kind":"plain","optional":true},"type":{"type":"string","description_kind":"plain","required":true}},"description_kind":"plain"},"min_items":1,"max_items":1}},"description_kind":"plain"}},"data_store_ref":{"nesting_mode":"list","block":{"attributes":{"id":{"type":"string","description_kind":"plain","required":true},"location":{"type":"string","description_kind":"plain","computed":true}},"description_kind":"plain"},"min_items":1,"max_items":1}},"description_kind":"plain"}}},"description_kind":"plain"},"max_items":1},"input_user_id_mapping":{"nesting_mode":"list","block":{"attributes":{"value":{"type":"string","description_kind":"plain","optional":true}},"block_types":{"source":{"nesting_mode":"list","block":{"attributes":{"id":{"type":"string","description_kind":"plain","optional":true},"type":{"type":"string","description_kind":"plain","required":true}},"description_kind":"plain"},"min_items":1,"max_items":1}},"description_kind":"plain"}},"local_identity_ref":{"nesting_mode":"list","block":{"attributes":{"id":{"type":"string","description_kind":"plain","required":true},"location":{"type":"string","description_kind":"plain","computed":true}},"description_kind":"plain"},"max_items":1},"outbound_attribute_mapping":{"nesting_mode":"list","block":{"block_types":{"attribute_contract_fulfillment":{"nesting_mode":"set","block":{"attributes":{"key_name":{"type":"string","description_kind":"plain","required":true},"value":{"type":"string","description_kind":"plain","optional":true}},"block_types":{"source":{"nesting_mode":"list","block":{"attributes":{"id":{"type":"string","description_kind":"plain","optional":true},"type":{"type":"string","description_kind":"plain","required":true}},"description_kind":"plain"},"min_items":1,"max_items":1}},"description_kind":"plain"},"min_items":1},"custom_attribute_source":{"nesting_mode":"list","block":{"attributes":{"description":{"type":"string","description_kind":"plain","optional":true},"id":{"type":"string","description_kind":"plain","optional":true}},"block_types":{"attribute_contract_fulfillment":{"nesting_mode":"set","block":{"attributes":{"key_name":{"type":"string","description_kind":"plain","required":true},"value":{"type":"string","description_kind":"plain","optional":true}},"block_types":{"source":{"nesting_mode":"list","block":{"attributes":{"id":{"type":"string","description_kind":"plain","optional":true},"type":{"type":"string","description_kind":"plain","required":true}},"description_kind":"plain"},"min_items":1,"max_items":1}},"description_kind":"plain"}},"data_store_ref":{"nesting_mode":"list","block":{"attributes":{"id":{"type":"string","description_kind":"plain","required":true},"location":{"type":"string","description_kind":"plain","computed":true}},"description_kind":"plain"},"min_items":1,"max_items":1},"filter_fields":{"nesting_mode":"list","block":{"attributes":{"name":{"type":"string","description_kind":"plain","required":true},"value":{"type":"string","description_kind":"plain","optional":true}},"description_kind":"plain"},"min_items":1}},"description_kind":"plain"}},"issuance_criteria":{"nesting_mode":"list","block":{"block_types":{"conditional_criteria":{"nesting_mode":"list","block":{"attributes":{"attribute_name":{"type":"string","description_kind":"plain","required":true},"condition":{"type":"string","description_kind":"plain","required":true},"error_result":{"type":"string","description_kind":"plain","optional":true},"value":{"type":"string","description_kind":"plain","required":true}},"block_types":{"source":{"nesting_mode":"list","block":{"attributes":{"id":{"type":"string","description_kind":"plain","optional":true},"type":{"type":"string","description_kind":"plain","required":true}},"description_kind":"plain"},"min_items":1,"max_items":1}},"description_kind":"plain"}},"expression_criteria":{"nesting_mode":"list","block":{"attributes":{"error_result":{"type":"string","description_kind":"plain","optional":true},"expression":{"type":"string","description_kind":"plain","required":true}},"description_kind":"plain"}}},"description_kind":"plain"},"max_items":1},"jdbc_attribute_source":{"nesting_mode":"list","block":{"attributes":{"description":{"type":"string","description_kind":"plain","optional":true},"filter":{"type":"string","description_kind":"plain","required":true},"id":{"type":"string","description_kind":"plain","optional":true},"schema":{"type":"string","description_kind":"plain","optional":true},"table":{"type":"string","description_kind":"plain","required":true}},"block_types":{"attribute_contract_fulfillment":{"nesting_mode":"set","block":{"attributes":{"key_name":{"type":"string","description_kind":"plain","required":true},"value":{"type":"string","description_kind":"plain","optional":true}},"block_types":{"source":{"nesting_mode":"list","block":{"attributes":{"id":{"type":"string","description_kind":"plain","optional":true},"type":{"type":"string","description_kind":"plain","required":true}},"description_kind":"plain"},"min_items":1,"max_items":1}},"description_kind":"plain"}},"data_store_ref":{"nesting_mode":"list","block":{"attributes":{"id":{"type":"string","description_kind":"plain","required":true},"location":{"type":"string","description_kind":"plain","computed":true}},"description_kind":"plain"},"min_items":1,"max_items":1}},"description_kind":"plain"}},"ldap_attribute_source":{"nesting_mode":"list","block":{"attributes":{"base_dn":{"type":"string","description_kind":"plain","optional":true},"binary_attribute_settings":{"type":["map","string"],"description_kind":"plain","optional":true},"description":{"type":"string","description_kind":"plain","optional":true},"id":{"type":"string","description_kind":"plain","optional":true},"member_of_nested_group":{"type":"bool","description_kind":"plain","optional":true},"search_filter":{"type":"string","description_kind":"plain","required":true},"search_scope":{"type":"string","description_kind":"plain","required":true}},"block_types":{"attribute_contract_fulfillment":{"nesting_mode":"set","block":{"attributes":{"key_name":{"type":"string","description_kind":"plain","required":true},"value":{"type":"string","description_kind":"plain","optional":true}},"block_types":{"source":{"nesting_mode":"list","block":{"attributes":{"id":{"type":"string","description_kind":"plain","optional":true},"type":{"type":"string","description_kind":"plain","required":true}},"description_kind":"plain"},"min_items":1,"max_items":1}},"description_kind":"plain"}},"data_store_ref":{"nesting_mode":"list","block":{"attributes":{"id":{"type":"string","description_kind":"plain","required":true},"location":{"type":"string","description_kind":"plain","computed":true}},"description_kind":"plain"},"min_items":1,"max_items":1}},"description_kind":"plain"}}},"description_kind":"plain"},"max_items":1}},"description_kind":"plain"},"min_items":1,"max_items":1},"children":{"nesting_mode":"list","block":{"block_types":{"action":{"nesting_mode":"list","block":{"attributes":{"context":{"type":"string","description_kind":"plain","optional":true},"type":{"type":"string","description_kind":"plain","required":true}},"block_types":{"attribute_mapping":{"nesting_mode":"list","block":{"block_types":{"attribute_contract_fulfillment":{"nesting_mode":"set","block":{"attributes":{"key_name":{"type":"string","description_kind":"plain","required":true},"value":{"type":"string","description_kind":"plain","optional":true}},"block_types":{"source":{"nesting_mode":"list","block":{"attributes":{"id":{"type":"string","description_kind":"plain","optional":true},"type":{"type":"string","description_kind":"plain","required":true}},"description_kind":"plain"},"min_items":1,"max_items":1}},"description_kind":"plain"},"min_items":1},"custom_attribute_source":{"nesting_mode":"list","block":{"attributes":{"description":{"type":"string","description_kind":"plain","optional":true},"id":{"type":"string","description_kind":"plain","optional":true}},"block_types":{"attribute_contract_fulfillment":{"nesting_mode":"set","block":{"attributes":{"key_name":{"type":"string","description_kind":"plain","required":true},"value":{"type":"string","description_kind":"plain","optional":true}},"block_types":{"source":{"nesting_mode":"list","block":{"attributes":{"id":{"type":"string","description_kind":"plain","optional":true},"type":{"type":"string","description_kind":"plain","required":true}},"description_kind":"plain"},"min_items":1,"max_items":1}},"description_kind":"plain"}},"data_store_ref":{"nesting_mode":"list","block":{"attributes":{"id":{"type":"string","description_kind":"plain","required":true},"location":{"type":"string","description_kind":"plain","computed":true}},"description_kind":"plain"},"min_items":1,"max_items":1},"filter_fields":{"nesting_mode":"list","block":{"attributes":{"name":{"type":"string","description_kind":"plain","required":true},"value":{"type":"string","description_kind":"plain","optional":true}},"description_kind":"plain"},"min_items":1}},"description_kind":"plain"}},"issuance_criteria":{"nesting_mode":"list","block":{"block_types":{"conditional_criteria":{"nesting_mode":"list","block":{"attributes":{"attribute_name":{"type":"string","description_kind":"plain","required":true},"condition":{"type":"string","description_kind":"plain","required":true},"error_result":{"type":"string","description_kind":"plain","optional":true},"value":{"type":"string","description_kind":"plain","required":true}},"block_types":{"source":{"nesting_mode":"list","block":{"attributes":{"id":{"type":"string","description_kind":"plain","optional":true},"type":{"type":"string","description_kind":"plain","required":true}},"description_kind":"plain"},"min_items":1,"max_items":1}},"description_kind":"plain"}},"expression_criteria":{"nesting_mode":"list","block":{"attributes":{"error_result":{"type":"string","description_kind":"plain","optional":true},"expression":{"type":"string","description_kind":"plain","required":true}},"description_kind":"plain"}}},"description_kind":"plain"},"max_items":1},"jdbc_attribute_source":{"nesting_mode":"list","block":{"attributes":{"description":{"type":"string","description_kind":"plain","optional":true},"filter":{"type":"string","description_kind":"plain","required":true},"id":{"type":"string","description_kind":"plain","optional":true},"schema":{"type":"string","description_kind":"plain","optional":true},"table":{"type":"string","description_kind":"plain","required":true}},"block_types":{"attribute_contract_fulfillment":{"nesting_mode":"set","block":{"attributes":{"key_name":{"type":"string","description_kind":"plain","required":true},"value":{"type":"string","description_kind":"plain","optional":true}},"block_types":{"source":{"nesting_mode":"list","block":{"attributes":{"id":{"type":"string","description_kind":"plain","optional":true},"type":{"type":"string","description_kind":"plain","required":true}},"description_kind":"plain"},"min_items":1,"max_items":1}},"description_kind":"plain"}},"data_store_ref":{"nesting_mode":"list","block":{"attributes":{"id":{"type":"string","description_kind":"plain","required":true},"location":{"type":"string","description_kind":"plain","computed":true}},"description_kind":"plain"},"min_items":1,"max_items":1}},"description_kind":"plain"}},"ldap_attribute_source":{"nesting_mode":"list","block":{"attributes":{"base_dn":{"type":"string","description_kind":"plain","optional":true},"binary_attribute_settings":{"type":["map","string"],"description_kind":"plain","optional":true},"description":{"type":"string","description_kind":"plain","optional":true},"id":{"type":"string","description_kind":"plain","optional":true},"member_of_nested_group":{"type":"bool","description_kind":"plain","optional":true},"search_filter":{"type":"string","description_kind":"plain","required":true},"search_scope":{"type":"string","description_kind":"plain","required":true}},"block_types":{"attribute_contract_fulfillment":{"nesting_mode":"set","block":{"attributes":{"key_name":{"type":"string","description_kind":"plain","required":true},"value":{"type":"string","description_kind":"plain","optional":true}},"block_types":{"source":{"nesting_mode":"list","block":{"attributes":{"id":{"type":"string","description_kind":"plain","optional":true},"type":{"type":"string","description_kind":"plain","required":true}},"description_kind":"plain"},"min_items":1,"max_items":1}},"description_kind":"plain"}},"data_store_ref":{"nesting_mode":"list","block":{"attributes":{"id":{"type":"string","description_kind":"plain","required":true},"location":{"type":"string","description_kind":"plain","computed":true}},"description_kind":"plain"},"min_items":1,"max_items":1}},"description_kind":"plain"}}},"description_kind":"plain"},"max_items":1},"attribute_rules":{"nesting_mode":"list","block":{"attributes":{"fallback_to_success":{"type":"bool","description_kind":"plain","optional":true}},"block_types":{"items":{"nesting_mode":"set","block":{"attributes":{"attribute_name":{"type":"string","description_kind":"plain","required":true},"condition":{"type":"string","description_kind":"plain","required":true},"expected_value":{"type":"string","description_kind":"plain","required":true},"result":{"type":"string","description_kind":"plain","required":true}},"description_kind":"plain"}}},"description_kind":"plain"},"max_items":1},"authentication_policy_contract_ref":{"nesting_mode":"list","block":{"attributes":{"id":{"type":"string","description_kind":"plain","required":true},"location":{"type":"string","description_kind":"plain","computed":true}},"description_kind":"plain"},"max_items":1},"authentication_selector_ref":{"nesting_mode":"list","block":{"attributes":{"id":{"type":"string","description_kind":"plain","required":true},"location":{"type":"string","description_kind":"plain","computed":true}},"description_kind":"plain"},"max_items":1},"authentication_source":{"nesting_mode":"list","block":{"attributes":{"type":{"type":"string","description_kind":"plain","required":true}},"block_types":{"source_ref":{"nesting_mode":"list","block":{"attributes":{"id":{"type":"string","description_kind":"plain","required":true},"location":{"type":"string","description_kind":"plain","computed":true}},"description_kind":"plain"},"max_items":1}},"description_kind":"plain"},"max_items":1},"inbound_mapping":{"nesting_mode":"list","block":{"block_types":{"attribute_contract_fulfillment":{"nesting_mode":"set","block":{"attributes":{"key_name":{"type":"string","description_kind":"plain","required":true},"value":{"type":"string","description_kind":"plain","optional":true}},"block_types":{"source":{"nesting_mode":"list","block":{"attributes":{"id":{"type":"string","description_kind":"plain","optional":true},"type":{"type":"string","description_kind":"plain","required":true}},"description_kind":"plain"},"min_items":1,"max_items":1}},"description_kind":"plain"},"min_items":1},"custom_attribute_source":{"nesting_mode":"list","block":{"attributes":{"description":{"type":"string","description_kind":"plain","optional":true},"id":{"type":"string","description_kind":"plain","optional":true}},"block_types":{"attribute_contract_fulfillment":{"nesting_mode":"set","block":{"attributes":{"key_name":{"type":"string","description_kind":"plain","required":true},"value":{"type":"string","description_kind":"plain","optional":true}},"block_types":{"source":{"nesting_mode":"list","block":{"attributes":{"id":{"type":"string","description_kind":"plain","optional":true},"type":{"type":"string","description_kind":"plain","required":true}},"description_kind":"plain"},"min_items":1,"max_items":1}},"description_kind":"plain"}},"data_store_ref":{"nesting_mode":"list","block":{"attributes":{"id":{"type":"string","description_kind":"plain","required":true},"location":{"type":"string","description_kind":"plain","computed":true}},"description_kind":"plain"},"min_items":1,"max_items":1},"filter_fields":{"nesting_mode":"list","block":{"attributes":{"name":{"type":"string","description_kind":"plain","required":true},"value":{"type":"string","description_kind":"plain","optional":true}},"description_kind":"plain"},"min_items":1}},"description_kind":"plain"}},"issuance_criteria":{"nesting_mode":"list","block":{"block_types":{"conditional_criteria":{"nesting_mode":"list","block":{"attributes":{"attribute_name":{"type":"string","description_kind":"plain","required":true},"condition":{"type":"string","description_kind":"plain","required":true},"error_result":{"type":"string","description_kind":"plain","optional":true},"value":{"type":"string","description_kind":"plain","required":true}},"block_types":{"source":{"nesting_mode":"list","block":{"attributes":{"id":{"type":"string","description_kind":"plain","optional":true},"type":{"type":"string","description_kind":"plain","required":true}},"description_kind":"plain"},"min_items":1,"max_items":1}},"description_kind":"plain"}},"expression_criteria":{"nesting_mode":"list","block":{"attributes":{"error_result":{"type":"string","description_kind":"plain","optional":true},"expression":{"type":"string","description_kind":"plain","required":true}},"description_kind":"plain"}}},"description_kind":"plain"},"max_items":1},"jdbc_attribute_source":{"nesting_mode":"list","block":{"attributes":{"description":{"type":"string","description_kind":"plain","optional":true},"filter":{"type":"string","description_kind":"plain","required":true},"id":{"type":"string","description_kind":"plain","optional":true},"schema":{"type":"string","description_kind":"plain","optional":true},"table":{"type":"string","description_kind":"plain","required":true}},"block_types":{"attribute_contract_fulfillment":{"nesting_mode":"set","block":{"attributes":{"key_name":{"type":"string","description_kind":"plain","required":true},"value":{"type":"string","description_kind":"plain","optional":true}},"block_types":{"source":{"nesting_mode":"list","block":{"attributes":{"id":{"type":"string","description_kind":"plain","optional":true},"type":{"type":"string","description_kind":"plain","required":true}},"description_kind":"plain"},"min_items":1,"max_items":1}},"description_kind":"plain"}},"data_store_ref":{"nesting_mode":"list","block":{"attributes":{"id":{"type":"string","description_kind":"plain","required":true},"location":{"type":"string","description_kind":"plain","computed":true}},"description_kind":"plain"},"min_items":1,"max_items":1}},"description_kind":"plain"}},"ldap_attribute_source":{"nesting_mode":"list","block":{"attributes":{"base_dn":{"type":"string","description_kind":"plain","optional":true},"binary_attribute_settings":{"type":["map","string"],"description_kind":"plain","optional":true},"description":{"type":"string","description_kind":"plain","optional":true},"id":{"type":"string","description_kind":"plain","optional":true},"member_of_nested_group":{"type":"bool","description_kind":"plain","optional":true},"search_filter":{"type":"string","description_kind":"plain","required":true},"search_scope":{"type":"string","description_kind":"plain","required":true}},"block_types":{"attribute_contract_fulfillment":{"nesting_mode":"set","block":{"attributes":{"key_name":{"type":"string","description_kind":"plain","required":true},"value":{"type":"string","description_kind":"plain","optional":true}},"block_types":{"source":{"nesting_mode":"list","block":{"attributes":{"id":{"type":"string","description_kind":"plain","optional":true},"type":{"type":"string","description_kind":"plain","required":true}},"description_kind":"plain"},"min_items":1,"max_items":1}},"description_kind":"plain"}},"data_store_ref":{"nesting_mode":"list","block":{"attributes":{"id":{"type":"string","description_kind":"plain","required":true},"location":{"type":"string","description_kind":"plain","computed":true}},"description_kind":"plain"},"min_items":1,"max_items":1}},"description_kind":"plain"}}},"description_kind":"plain"},"max_items":1},"input_user_id_mapping":{"nesting_mode":"list","block":{"attributes":{"value":{"type":"string","description_kind":"plain","optional":true}},"block_types":{"source":{"nesting_mode":"list","block":{"attributes":{"id":{"type":"string","description_kind":"plain","optional":true},"type":{"type":"string","description_kind":"plain","required":true}},"description_kind":"plain"},"min_items":1,"max_items":1}},"description_kind":"plain"}},"local_identity_ref":{"nesting_mode":"list","block":{"attributes":{"id":{"type":"string","description_kind":"plain","required":true},"location":{"type":"string","description_kind":"plain","computed":true}},"description_kind":"plain"},"max_items":1},"outbound_attribute_mapping":{"nesting_mode":"list","block":{"block_types":{"attribute_contract_fulfillment":{"nesting_mode":"set","block":{"attributes":{"key_name":{"type":"string","description_kind":"plain","required":true},"value":{"type":"string","description_kind":"plain","optional":true}},"block_types":{"source":{"nesting_mode":"list","block":{"attributes":{"id":{"type":"string","description_kind":"plain","optional":true},"type":{"type":"string","description_kind":"plain","required":true}},"description_kind":"plain"},"min_items":1,"max_items":1}},"description_kind":"plain"},"min_items":1},"custom_attribute_source":{"nesting_mode":"list","block":{"attributes":{"description":{"type":"string","description_kind":"plain","optional":true},"id":{"type":"string","description_kind":"plain","optional":true}},"block_types":{"attribute_contract_fulfillment":{"nesting_mode":"set","block":{"attributes":{"key_name":{"type":"string","description_kind":"plain","required":true},"value":{"type":"string","description_kind":"plain","optional":true}},"block_types":{"source":{"nesting_mode":"list","block":{"attributes":{"id":{"type":"string","description_kind":"plain","optional":true},"type":{"type":"string","description_kind":"plain","required":true}},"description_kind":"plain"},"min_items":1,"max_items":1}},"description_kind":"plain"}},"data_store_ref":{"nesting_mode":"list","block":{"attributes":{"id":{"type":"string","description_kind":"plain","required":true},"location":{"type":"string","description_kind":"plain","computed":true}},"description_kind":"plain"},"min_items":1,"max_items":1},"filter_fields":{"nesting_mode":"list","block":{"attributes":{"name":{"type":"string","description_kind":"plain","required":true},"value":{"type":"string","description_kind":"plain","optional":true}},"description_kind":"plain"},"min_items":1}},"description_kind":"plain"}},"issuance_criteria":{"nesting_mode":"list","block":{"block_types":{"conditional_criteria":{"nesting_mode":"list","block":{"attributes":{"attribute_name":{"type":"string","description_kind":"plain","required":true},"condition":{"type":"string","description_kind":"plain","required":true},"error_result":{"type":"string","description_kind":"plain","optional":true},"value":{"type":"string","description_kind":"plain","required":true}},"block_types":{"source":{"nesting_mode":"list","block":{"attributes":{"id":{"type":"string","description_kind":"plain","optional":true},"type":{"type":"string","description_kind":"plain","required":true}},"description_kind":"plain"},"min_items":1,"max_items":1}},"description_kind":"plain"}},"expression_criteria":{"nesting_mode":"list","block":{"attributes":{"error_result":{"type":"string","description_kind":"plain","optional":true},"expression":{"type":"string","description_kind":"plain","required":true}},"description_kind":"plain"}}},"description_kind":"plain"},"max_items":1},"jdbc_attribute_source":{"nesting_mode":"list","block":{"attributes":{"description":{"type":"string","description_kind":"plain","optional":true},"filter":{"type":"string","description_kind":"plain","required":true},"id":{"type":"string","description_kind":"plain","optional":true},"schema":{"type":"string","description_kind":"plain","optional":true},"table":{"type":"string","description_kind":"plain","required":true}},"block_types":{"attribute_contract_fulfillment":{"nesting_mode":"set","block":{"attributes":{"key_name":{"type":"string","description_kind":"plain","required":true},"value":{"type":"string","description_kind":"plain","optional":true}},"block_types":{"source":{"nesting_mode":"list","block":{"attributes":{"id":{"type":"string","description_kind":"plain","optional":true},"type":{"type":"string","description_kind":"plain","required":true}},"description_kind":"plain"},"min_items":1,"max_items":1}},"description_kind":"plain"}},"data_store_ref":{"nesting_mode":"list","block":{"attributes":{"id":{"type":"string","description_kind":"plain","required":true},"location":{"type":"string","description_kind":"plain","computed":true}},"description_kind":"plain"},"min_items":1,"max_items":1}},"description_kind":"plain"}},"ldap_attribute_source":{"nesting_mode":"list","block":{"attributes":{"base_dn":{"type":"string","description_kind":"plain","optional":true},"binary_attribute_settings":{"type":["map","string"],"description_kind":"plain","optional":true},"description":{"type":"string","description_kind":"plain","optional":true},"id":{"type":"string","description_kind":"plain","optional":true},"member_of_nested_group":{"type":"bool","description_kind":"plain","optional":true},"search_filter":{"type":"string","description_kind":"plain","required":true},"search_scope":{"type":"string","description_kind":"plain","required":true}},"block_types":{"attribute_contract_fulfillment":{"nesting_mode":"set","block":{"attributes":{"key_name":{"type":"string","description_kind":"plain","required":true},"value":{"type":"string","description_kind":"plain","optional":true}},"block_types":{"source":{"nesting_mode":"list","block":{"attributes":{"id":{"type":"string","description_kind":"plain","optional":true},"type":{"type":"string","description_kind":"plain","required":true}},"description_kind":"plain"},"min_items":1,"max_items":1}},"description_kind":"plain"}},"data_store_ref":{"nesting_mode":"list","block":{"attributes":{"id":{"type":"string","description_kind":"plain","required":true},"location":{"type":"string","description_kind":"plain","computed":true}},"description_kind":"plain"},"min_items":1,"max_items":1}},"description_kind":"plain"}}},"description_kind":"plain"},"max_items":1}},"description_kind":"plain"},"min_items":1,"max_items":1},"children":{"nesting_mode":"list","block":{"block_types":{"action":{"nesting_mode":"list","block":{"attributes":{"context":{"type":"string","description_kind":"plain","optional":true},"type":{"type":"string","description_kind":"plain","required":true}},"block_types":{"attribute_mapping":{"nesting_mode":"list","block":{"block_types":{"attribute_contract_fulfillment":{"nesting_mode":"set","block":{"attributes":{"key_name":{"type":"string","description_kind":"plain","required":true},"value":{"type":"string","description_kind":"plain","optional":true}},"block_types":{"source":{"nesting_mode":"list","block":{"attributes":{"id":{"type":"string","description_kind":"plain","optional":true},"type":{"type":"string","description_kind":"plain","required":true}},"description_kind":"plain"},"min_items":1,"max_items":1}},"description_kind":"plain"},"min_items":1},"custom_attribute_source":{"nesting_mode":"list","block":{"attributes":{"description":{"type":"string","description_kind":"plain","optional":true},"id":{"type":"string","description_kind":"plain","optional":true}},"block_types":{"attribute_contract_fulfillment":{"nesting_mode":"set","block":{"attributes":{"key_name":{"type":"string","description_kind":"plain","required":true},"value":{"type":"string","description_kind":"plain","optional":true}},"block_types":{"source":{"nesting_mode":"list","block":{"attributes":{"id":{"type":"string","description_kind":"plain","optional":true},"type":{"type":"string","description_kind":"plain","required":true}},"description_kind":"plain"},"min_items":1,"max_items":1}},"description_kind":"plain"}},"data_store_ref":{"nesting_mode":"list","block":{"attributes":{"id":{"type":"string","description_kind":"plain","required":true},"location":{"type":"string","description_kind":"plain","computed":true}},"description_kind":"plain"},"min_items":1,"max_items":1},"filter_fields":{"nesting_mode":"list","block":{"attributes":{"name":{"type":"string","description_kind":"plain","required":true},"value":{"type":"string","description_kind":"plain","optional":true}},"description_kind":"plain"},"min_items":1}},"description_kind":"plain"}},"issuance_criteria":{"nesting_mode":"list","block":{"block_types":{"conditional_criteria":{"nesting_mode":"list","block":{"attributes":{"attribute_name":{"type":"string","description_kind":"plain","required":true},"condition":{"type":"string","description_kind":"plain","required":true},"error_result":{"type":"string","description_kind":"plain","optional":true},"value":{"type":"string","description_kind":"plain","required":true}},"block_types":{"source":{"nesting_mode":"list","block":{"attributes":{"id":{"type":"string","description_kind":"plain","optional":true},"type":{"type":"string","description_kind":"plain","required":true}},"description_kind":"plain"},"min_items":1,"max_items":1}},"description_kind":"plain"}},"expression_criteria":{"nesting_mode":"list","block":{"attributes":{"error_result":{"type":"string","description_kind":"plain","optional":true},"expression":{"type":"string","description_kind":"plain","required":true}},"description_kind":"plain"}}},"description_kind":"plain"},"max_items":1},"jdbc_attribute_source":{"nesting_mode":"list","block":{"attributes":{"description":{"type":"string","description_kind":"plain","optional":true},"filter":{"type":"string","description_kind":"plain","required":true},"id":{"type":"string","description_kind":"plain","optional":true},"schema":{"type":"string","description_kind":"plain","optional":true},"table":{"type":"string","description_kind":"plain","required":true}},"block_types":{"attribute_contract_fulfillment":{"nesting_mode":"set","block":{"attributes":{"key_name":{"type":"string","description_kind":"plain","required":true},"value":{"type":"string","description_kind":"plain","optional":true}},"block_types":{"source":{"nesting_mode":"list","block":{"attributes":{"id":{"type":"string","description_kind":"plain","optional":true},"type":{"type":"string","description_kind":"plain","required":true}},"description_kind":"plain"},"min_items":1,"max_items":1}},"description_kind":"plain"}},"data_store_ref":{"nesting_mode":"list","block":{"attributes":{"id":{"type":"string","description_kind":"plain","required":true},"location":{"type":"string","description_kind":"plain","computed":true}},"description_kind":"plain"},"min_items":1,"max_items":1}},"description_kind":"plain"}},"ldap_attribute_source":{"nesting_mode":"list","block":{"attributes":{"base_dn":{"type":"string","description_kind":"plain","optional":true},"binary_attribute_settings":{"type":["map","string"],"description_kind":"plain","optional":true},"description":{"type":"string","description_kind":"plain","optional":true},"id":{"type":"string","description_kind":"plain","optional":true},"member_of_nested_group":{"type":"bool","description_kind":"plain","optional":true},"search_filter":{"type":"string","description_kind":"plain","required":true},"search_scope":{"type":"string","description_kind":"plain","required":true}},"block_types":{"attribute_contract_fulfillment":{"nesting_mode":"set","block":{"attributes":{"key_name":{"type":"string","description_kind":"plain","required":true},"value":{"type":"string","description_kind":"plain","optional":true}},"block_types":{"source":{"nesting_mode":"list","block":{"attributes":{"id":{"type":"string","description_kind":"plain","optional":true},"type":{"type":"string","description_kind":"plain","required":true}},"description_kind":"plain"},"min_items":1,"max_items":1}},"description_kind":"plain"}},"data_store_ref":{"nesting_mode":"list","block":{"attributes":{"id":{"type":"string","description_kind":"plain","required":true},"location":{"type":"string","description_kind":"plain","computed":true}},"description_kind":"plain"},"min_items":1,"max_items":1}},"description_kind":"plain"}}},"description_kind":"plain"},"max_items":1},"attribute_rules":{"nesting_mode":"list","block":{"attributes":{"fallback_to_success":{"type":"bool","description_kind":"plain","optional":true}},"block_types":{"items":{"nesting_mode":"set","block":{"attributes":{"attribute_name":{"type":"string","description_kind":"plain","required":true},"condition":{"type":"string","description_kind":"plain","required":true},"expected_value":{"type":"string","description_kind":"plain","required":true},"result":{"type":"string","description_kind":"plain","required":true}},"description_kind":"plain"}}},"description_kind":"plain"},"max_items":1},"authentication_policy_contract_ref":{"nesting_mode":"list","block":{"attributes":{"id":{"type":"string","description_kind":"plain","required":true},"location":{"type":"string","description_kind":"plain","computed":true}},"description_kind":"plain"},"max_items":1},"authentication_selector_ref":{"nesting_mode":"list","block":{"attributes":{"id":{"type":"string","description_kind":"plain","required":true},"location":{"type":"string","description_kind":"plain","computed":true}},"description_kind":"plain"},"max_items":1},"authentication_source":{"nesting_mode":"list","block":{"attributes":{"type":{"type":"string","description_kind":"plain","required":true}},"block_types":{"source_ref":{"nesting_mode":"list","block":{"attributes":{"id":{"type":"string","description_kind":"plain","required":true},"location":{"type":"string","description_kind":"plain","computed":true}},"description_kind":"plain"},"max_items":1}},"description_kind":"plain"},"max_items":1},"inbound_mapping":{"nesting_mode":"list","block":{"block_types":{"attribute_contract_fulfillment":{"nesting_mode":"set","block":{"attributes":{"key_name":{"type":"string","description_kind":"plain","required":true},"value":{"type":"string","description_kind":"plain","optional":true}},"block_types":{"source":{"nesting_mode":"list","block":{"attributes":{"id":{"type":"string","description_kind":"plain","optional":true},"type":{"type":"string","description_kind":"plain","required":true}},"description_kind":"plain"},"min_items":1,"max_items":1}},"description_kind":"plain"},"min_items":1},"custom_attribute_source":{"nesting_mode":"list","block":{"attributes":{"description":{"type":"string","description_kind":"plain","optional":true},"id":{"type":"string","description_kind":"plain","optional":true}},"block_types":{"attribute_contract_fulfillment":{"nesting_mode":"set","block":{"attributes":{"key_name":{"type":"string","description_kind":"plain","required":true},"value":{"type":"string","description_kind":"plain","optional":true}},"block_types":{"source":{"nesting_mode":"list","block":{"attributes":{"id":{"type":"string","description_kind":"plain","optional":true},"type":{"type":"string","description_kind":"plain","required":true}},"description_kind":"plain"},"min_items":1,"max_items":1}},"description_kind":"plain"}},"data_store_ref":{"nesting_mode":"list","block":{"attributes":{"id":{"type":"string","description_kind":"plain","required":true},"location":{"type":"string","description_kind":"plain","computed":true}},"description_kind":"plain"},"min_items":1,"max_items":1},"filter_fields":{"nesting_mode":"list","block":{"attributes":{"name":{"type":"string","description_kind":"plain","required":true},"value":{"type":"string","description_kind":"plain","optional":true}},"description_kind":"plain"},"min_items":1}},"description_kind":"plain"}},"issuance_criteria":{"nesting_mode":"list","block":{"block_types":{"conditional_criteria":{"nesting_mode":"list","block":{"attributes":{"attribute_name":{"type":"string","description_kind":"plain","required":true},"condition":{"type":"string","description_kind":"plain","required":true},"error_result":{"type":"string","description_kind":"plain","optional":true},"value":{"type":"string","description_kind":"plain","required":true}},"block_types":{"source":{"nesting_mode":"list","block":{"attributes":{"id":{"type":"string","description_kind":"plain","optional":true},"type":{"type":"string","description_kind":"plain","required":true}},"description_kind":"plain"},"min_items":1,"max_items":1}},"description_kind":"plain"}},"expression_criteria":{"nesting_mode":"list","block":{"attributes":{"error_result":{"type":"string","description_kind":"plain","optional":true},"expression":{"type":"string","description_kind":"plain","required":true}},"description_kind":"plain"}}},"description_kind":"plain"},"max_items":1},"jdbc_attribute_source":{"nesting_mode":"list","block":{"attributes":{"description":{"type":"string","description_kind":"plain","optional":true},"filter":{"type":"string","description_kind":"plain","required":true},"id":{"type":"string","description_kind":"plain","optional":true},"schema":{"type":"string","description_kind":"plain","optional":true},"table":{"type":"string","description_kind":"plain","required":true}},"block_types":{"attribute_contract_fulfillment":{"nesting_mode":"set","block":{"attributes":{"key_name":{"type":"string","description_kind":"plain","required":true},"value":{"type":"string","description_kind":"plain","optional":true}},"block_types":{"source":{"nesting_mode":"list","block":{"attributes":{"id":{"type":"string","description_kind":"plain","optional":true},"type":{"type":"string","description_kind":"plain","required":true}},"description_kind":"plain"},"min_items":1,"max_items":1}},"description_kind":"plain"}},"data_store_ref":{"nesting_mode":"list","block":{"attributes":{"id":{"type":"string","description_kind":"plain","required":true},"location":{"type":"string","description_kind":"plain","computed":true}},"description_kind":"plain"},"min_items":1,"max_items":1}},"description_kind":"plain"}},"ldap_attribute_source":{"nesting_mode":"list","block":{"attributes":{"base_dn":{"type":"string","description_kind":"plain","optional":true},"binary_attribute_settings":{"type":["map","string"],"description_kind":"plain","optional":true},"description":{"type":"string","description_kind":"plain","optional":true},"id":{"type":"string","description_kind":"plain","optional":true},"member_of_nested_group":{"type":"bool","description_kind":"plain","optional":true},"search_filter":{"type":"string","description_kind":"plain","required":true},"search_scope":{"type":"string","description_kind":"plain","required":true}},"block_types":{"attribute_contract_fulfillment":{"nesting_mode":"set","block":{"attributes":{"key_name":{"type":"string","description_kind":"plain","required":true},"value":{"type":"string","description_kind":"plain","optional":true}},"block_types":{"source":{"nesting_mode":"list","block":{"attributes":{"id":{"type":"string","description_kind":"plain","optional":true},"type":{"type":"string","description_kind":"plain","required":true}},"description_kind":"plain"},"min_items":1,"max_items":1}},"description_kind":"plain"}},"data_store_ref":{"nesting_mode":"list","block":{"attributes":{"id":{"type":"string","description_kind":"plain","required":true},"location":{"type":"string","description_kind":"plain","computed":true}},"description_kind":"plain"},"min_items":1,"max_items":1}},"description_kind":"plain"}}},"description_kind":"plain"},"max_items":1},"input_user_id_mapping":{"nesting_mode":"list","block":{"attributes":{"value":{"type":"string","description_kind":"plain","optional":true}},"block_types":{"source":{"nesting_mode":"list","block":{"attributes":{"id":{"type":"string","description_kind":"plain","optional":true},"type":{"type":"string","description_kind":"plain","required":true}},"description_kind":"plain"},"min_items":1,"max_items":1}},"description_kind":"plain"}},"local_identity_ref":{"nesting_mode":"list","block":{"attributes":{"id":{"type":"string","description_kind":"plain","required":true},"location":{"type":"string","description_kind":"plain","computed":true}},"description_kind":"plain"},"max_items":1},"outbound_attribute_mapping":{"nesting_mode":"list","block":{"block_types":{"attribute_contract_fulfillment":{"nesting_mode":"set","block":{"attributes":{"key_name":{"type":"string","description_kind":"plain","required":true},"value":{"type":"string","description_kind":"plain","optional":true}},"block_types":{"source":{"nesting_mode":"list","block":{"attributes":{"id":{"type":"string","description_kind":"plain","optional":true},"type":{"type":"string","description_kind":"plain","required":true}},"description_kind":"plain"},"min_items":1,"max_items":1}},"description_kind":"plain"},"min_items":1},"custom_attribute_source":{"nesting_mode":"list","block":{"attributes":{"description":{"type":"string","description_kind":"plain","optional":true},"id":{"type":"string","description_kind":"plain","optional":true}},"block_types":{"attribute_contract_fulfillment":{"nesting_mode":"set","block":{"attributes":{"key_name":{"type":"string","description_kind":"plain","required":true},"value":{"type":"string","description_kind":"plain","optional":true}},"block_types":{"source":{"nesting_mode":"list","block":{"attributes":{"id":{"type":"string","description_kind":"plain","optional":true},"type":{"type":"string","description_kind":"plain","required":true}},"description_kind":"plain"},"min_items":1,"max_items":1}},"description_kind":"plain"}},"data_store_ref":{"nesting_mode":"list","block":{"attributes":{"id":{"type":"string","description_kind":"plain","required":true},"location":{"type":"string","description_kind":"plain","computed":true}},"description_kind":"plain"},"min_items":1,"max_items":1},"filter_fields":{"nesting_mode":"list","block":{"attributes":{"name":{"type":"string","description_kind":"plain","required":true},"value":{"type":"string","description_kind":"plain","optional":true}},"description_kind":"plain"},"min_items":1}},"description_kind":"plain"}},"issuance_criteria":{"nesting_mode":"list","block":{"block_types":{"conditional_criteria":{"nesting_mode":"list","block":{"attributes":{"attribute_name":{"type":"string","description_kind":"plain","required":true},"condition":{"type":"string","description_kind":"plain","required":true},"error_result":{"type":"string","description_kind":"plain","optional":true},"value":{"type":"string","description_kind":"plain","required":true}},"block_types":{"source":{"nesting_mode":"list","block":{"attributes":{"id":{"type":"string","description_kind":"plain","optional":true},"type":{"type":"string","description_kind":"plain","required":true}},"description_kind":"plain"},"min_items":1,"max_items":1}},"description_kind":"plain"}},"expression_criteria":{"nesting_mode":"list","block":{"attributes":{"error_result":{"type":"string","description_kind":"plain","optional":true},"expression":{"type":"string","description_kind":"plain","required":true}},"description_kind":"plain"}}},"description_kind":"plain"},"max_items":1},"jdbc_attribute_source":{"nesting_mode":"list","block":{"attributes":{"description":{"type":"string","description_kind":"plain","optional":true},"filter":{"type":"string","description_kind":"plain","required":true},"id":{"type":"string","description_kind":"plain","optional":true},"schema":{"type":"string","description_kind":"plain","optional":true},"table":{"type":"string","description_kind":"plain","required":true}},"block_types":{"attribute_contract_fulfillment":{"nesting_mode":"set","block":{"attributes":{"key_name":{"type":"string","description_kind":"plain","required":true},"value":{"type":"string","description_kind":"plain","optional":true}},"block_types":{"source":{"nesting_mode":"list","block":{"attributes":{"id":{"type":"string","description_kind":"plain","optional":true},"type":{"type":"string","description_kind":"plain","required":true}},"description_kind":"plain"},"min_items":1,"max_items":1}},"description_kind":"plain"}},"data_store_ref":{"nesting_mode":"list","block":{"attributes":{"id":{"type":"string","description_kind":"plain","required":true},"location":{"type":"string","description_kind":"plain","computed":true}},"description_kind":"plain"},"min_items":1,"max_items":1}},"description_kind":"plain"}},"ldap_attribute_source":{"nesting_mode":"list","block":{"attributes":{"base_dn":{"type":"string","description_kind":"plain","optional":true},"binary_attribute_settings":{"type":["map","string"],"description_kind":"plain","optional":true},"description":{"type":"string","description_kind":"plain","optional":true},"id":{"type":"string","description_kind":"plain","optional":true},"member_of_nested_group":{"type":"bool","description_kind":"plain","optional":true},"search_filter":{"type":"string","description_kind":"plain","required":true},"search_scope":{"type":"string","description_kind":"plain","required":true}},"block_types":{"attribute_contract_fulfillment":{"nesting_mode":"set","block":{"attributes":{"key_name":{"type":"string","description_kind":"plain","required":true},"value":{"type":"string","description_kind":"plain","optional":true}},"block_types":{"source":{"nesting_mode":"list","block":{"attributes":{"id":{"type":"string","description_kind":"plain","optional":true},"type":{"type":"string","description_kind":"plain","required":true}},"description_kind":"plain"},"min_items":1,"max_items":1}},"description_kind":"plain"}},"data_store_ref":{"nesting_mode":"list","block":{"attributes":{"id":{"type":"string","description_kind":"plain","required":true},"location":{"type":"string","description_kind":"plain","computed":true}},"description_kind":"plain"},"min_items":1,"max_items":1}},"description_kind":"plain"}}},"description_kind":"plain"},"max_items":1}},"description_kind":"plain"},"min_items":1,"max_items":1},"children":{"nesting_mode":"list","block":{"block_types":{"action":{"nesting_mode":"list","block":{"attributes":{"context":{"type":"string","description_kind":"plain","optional":true},"type":{"type":"string","description_kind":"plain","required":true}},"block_types":{"attribute_mapping":{"nesting_mode":"list","block":{"block_types":{"attribute_contract_fulfillment":{"nesting_mode":"set","block":{"attributes":{"key_name":{"type":"string","description_kind":"plain","required":true},"value":{"type":"string","description_kind":"plain","optional":true}},"block_types":{"source":{"nesting_mode":"list","block":{"attributes":{"id":{"type":"string","description_kind":"plain","optional":true},"type":{"type":"string","description_kind":"plain","required":true}},"description_kind":"plain"},"min_items":1,"max_items":1}},"description_kind":"plain"},"min_items":1},"custom_attribute_source":{"nesting_mode":"list","block":{"attributes":{"description":{"type":"string","description_kind":"plain","optional":true},"id":{"type":"string","description_kind":"plain","optional":true}},"block_types":{"attribute_contract_fulfillment":{"nesting_mode":"set","block":{"attributes":{"key_name":{"type":"string","description_kind":"plain","required":true},"value":{"type":"string","description_kind":"plain","optional":true}},"block_types":{"source":{"nesting_mode":"list","block":{"attributes":{"id":{"type":"string","description_kind":"plain","optional":true},"type":{"type":"string","description_kind":"plain","required":true}},"description_kind":"plain"},"min_items":1,"max_items":1}},"description_kind":"plain"}},"data_store_ref":{"nesting_mode":"list","block":{"attributes":{"id":{"type":"string","description_kind":"plain","required":true},"location":{"type":"string","description_kind":"plain","computed":true}},"description_kind":"plain"},"min_items":1,"max_items":1},"filter_fields":{"nesting_mode":"list","block":{"attributes":{"name":{"type":"string","description_kind":"plain","required":true},"value":{"type":"string","description_kind":"plain","optional":true}},"description_kind":"plain"},"min_items":1}},"description_kind":"plain"}},"issuance_criteria":{"nesting_mode":"list","block":{"block_types":{"conditional_criteria":{"nesting_mode":"list","block":{"attributes":{"attribute_name":{"type":"string","description_kind":"plain","required":true},"condition":{"type":"string","description_kind":"plain","required":true},"error_result":{"type":"string","description_kind":"plain","optional":true},"value":{"type":"string","description_kind":"plain","required":true}},"block_types":{"source":{"nesting_mode":"list","block":{"attributes":{"id":{"type":"string","description_kind":"plain","optional":true},"type":{"type":"string","description_kind":"plain","required":true}},"description_kind":"plain"},"min_items":1,"max_items":1}},"description_kind":"plain"}},"expression_criteria":{"nesting_mode":"list","block":{"attributes":{"error_result":{"type":"string","description_kind":"plain","optional":true},"expression":{"type":"string","description_kind":"plain","required":true}},"description_kind":"plain"}}},"description_kind":"plain"},"max_items":1},"jdbc_attribute_source":{"nesting_mode":"list","block":{"attributes":{"description":{"type":"string","description_kind":"plain","optional":true},"filter":{"type":"string","description_kind":"plain","required":true},"id":{"type":"string","description_kind":"plain","optional":true},"schema":{"type":"string","description_kind":"plain","optional":true},"table":{"type":"string","description_kind":"plain","required":true}},"block_types":{"attribute_contract_fulfillment":{"nesting_mode":"set","block":{"attributes":{"key_name":{"type":"string","description_kind":"plain","required":true},"value":{"type":"string","description_kind":"plain","optional":true}},"block_types":{"source":{"nesting_mode":"list","block":{"attributes":{"id":{"type":"string","description_kind":"plain","optional":true},"type":{"type":"string","description_kind":"plain","required":true}},"description_kind":"plain"},"min_items":1,"max_items":1}},"description_kind":"plain"}},"data_store_ref":{"nesting_mode":"list","block":{"attributes":{"id":{"type":"string","description_kind":"plain","required":true},"location":{"type":"string","description_kind":"plain","computed":true}},"description_kind":"plain"},"min_items":1,"max_items":1}},"description_kind":"plain"}},"ldap_attribute_source":{"nesting_mode":"list","block":{"attributes":{"base_dn":{"type":"string","description_kind":"plain","optional":true},"binary_attribute_settings":{"type":["map","string"],"description_kind":"plain","optional":true},"description":{"type":"string","description_kind":"plain","optional":true},"id":{"type":"string","description_kind":"plain","optional":true},"member_of_nested_group":{"type":"bool","description_kind":"plain","optional":true},"search_filter":{"type":"string","description_kind":"plain","required":true},"search_scope":{"type":"string","description_kind":"plain","required":true}},"block_types":{"attribute_contract_fulfillment":{"nesting_mode":"set","block":{"attributes":{"key_name":{"type":"string","description_kind":"plain","required":true},"value":{"type":"string","description_kind":"plain","optional":true}},"block_types":{"source":{"nesting_mode":"list","block":{"attributes":{"id":{"type":"string","description_kind":"plain","optional":true},"type":{"type":"string","description_kind":"plain","required":true}},"description_kind":"plain"},"min_items":1,"max_items":1}},"description_kind":"plain"}},"data_store_ref":{"nesting_mode":"list","block":{"attributes":{"id":{"type":"string","description_kind":"plain","required":true},"location":{"type":"string","description_kind":"plain","computed":true}},"description_kind":"plain"},"min_items":1,"max_items":1}},"description_kind":"plain"}}},"description_kind":"plain"},"max_items":1},"attribute_rules":{"nesting_mode":"list","block":{"attributes":{"fallback_to_success":{"type":"bool","description_kind":"plain","optional":true}},"block_types":{"items":{"nesting_mode":"set","block":{"attributes":{"attribute_name":{"type":"string","description_kind":"plain","required":true},"condition":{"type":"string","description_kind":"plain","required":true},"expected_value":{"type":"string","description_kind":"plain","required":true},"result":{"type":"string","description_kind":"plain","required":true}},"description_kind":"plain"}}},"description_kind":"plain"},"max_items":1},"authentication_policy_contract_ref":{"nesting_mode":"list","block":{"attributes":{"id":{"type":"string","description_kind":"plain","required":true},"location":{"type":"string","description_kind":"plain","computed":true}},"description_kind":"plain"},"max_items":1},"authentication_selector_ref":{"nesting_mode":"list","block":{"attributes":{"id":{"type":"string","description_kind":"plain","required":true},"location":{"type":"string","description_kind":"plain","computed":true}},"description_kind":"plain"},"max_items":1},"authentication_source":{"nesting_mode":"list","block":{"attributes":{"type":{"type":"string","description_kind":"plain","required":true}},"block_types":{"source_ref":{"nesting_mode":"list","block":{"attributes":{"id":{"type":"string","description_kind":"plain","required":true},"location":{"type":"string","description_kind":"plain","computed":true}},"description_kind":"plain"},"max_items":1}},"description_kind":"plain"},"max_items":1},"inbound_mapping":{"nesting_mode":"list","block":{"block_types":{"attribute_contract_fulfillment":{"nesting_mode":"set","block":{"attributes":{"key_name":{"type":"string","description_kind":"plain","required":true},"value":{"type":"string","description_kind":"plain","optional":true}},"block_types":{"source":{"nesting_mode":"list","block":{"attributes":{"id":{"type":"string","description_kind":"plain","optional":true},"type":{"type":"string","description_kind":"plain","required":true}},"description_kind":"plain"},"min_items":1,"max_items":1}},"description_kind":"plain"},"min_items":1},"custom_attribute_source":{"nesting_mode":"list","block":{"attributes":{"description":{"type":"string","description_kind":"plain","optional":true},"id":{"type":"string","description_kind":"plain","optional":true}},"block_types":{"attribute_contract_fulfillment":{"nesting_mode":"set","block":{"attributes":{"key_name":{"type":"string","description_kind":"plain","required":true},"value":{"type":"string","description_kind":"plain","optional":true}},"block_types":{"source":{"nesting_mode":"list","block":{"attributes":{"id":{"type":"string","description_kind":"plain","optional":true},"type":{"type":"string","description_kind":"plain","required":true}},"description_kind":"plain"},"min_items":1,"max_items":1}},"description_kind":"plain"}},"data_store_ref":{"nesting_mode":"list","block":{"attributes":{"id":{"type":"string","description_kind":"plain","required":true},"location":{"type":"string","description_kind":"plain","computed":true}},"description_kind":"plain"},"min_items":1,"max_items":1},"filter_fields":{"nesting_mode":"list","block":{"attributes":{"name":{"type":"string","description_kind":"plain","required":true},"value":{"type":"string","description_kind":"plain","optional":true}},"description_kind":"plain"},"min_items":1}},"description_kind":"plain"}},"issuance_criteria":{"nesting_mode":"list","block":{"block_types":{"conditional_criteria":{"nesting_mode":"list","block":{"attributes":{"attribute_name":{"type":"string","description_kind":"plain","required":true},"condition":{"type":"string","description_kind":"plain","required":true},"error_result":{"type":"string","description_kind":"plain","optional":true},"value":{"type":"string","description_kind":"plain","required":true}},"block_types":{"source":{"nesting_mode":"list","block":{"attributes":{"id":{"type":"string","description_kind":"plain","optional":true},"type":{"type":"string","description_kind":"plain","required":true}},"description_kind":"plain"},"min_items":1,"max_items":1}},"description_kind":"plain"}},"expression_criteria":{"nesting_mode":"list","block":{"attributes":{"error_result":{"type":"string","description_kind":"plain","optional":true},"expression":{"type":"string","description_kind":"plain","required":true}},"description_kind":"plain"}}},"description_kind":"plain"},"max_items":1},"jdbc_attribute_source":{"nesting_mode":"list","block":{"attributes":{"description":{"type":"string","description_kind":"plain","optional":true},"filter":{"type":"string","description_kind":"plain","required":true},"id":{"type":"string","description_kind":"plain","optional":true},"schema":{"type":"string","description_kind":"plain","optional":true},"table":{"type":"string","description_kind":"plain","required":true}},"block_types":{"attribute_contract_fulfillment":{"nesting_mode":"set","block":{"attributes":{"key_name":{"type":"string","description_kind":"plain","required":true},"value":{"type":"string","description_kind":"plain","optional":true}},"block_types":{"source":{"nesting_mode":"list","block":{"attributes":{"id":{"type":"string","description_kind":"plain","optional":true},"type":{"type":"string","description_kind":"plain","required":true}},"description_kind":"plain"},"min_items":1,"max_items":1}},"description_kind":"plain"}},"data_store_ref":{"nesting_mode":"list","block":{"attributes":{"id":{"type":"string","description_kind":"plain","required":true},"location":{"type":"string","description_kind":"plain","computed":true}},"description_kind":"plain"},"min_items":1,"max_items":1}},"description_kind":"plain"}},"ldap_attribute_source":{"nesting_mode":"list","block":{"attributes":{"base_dn":{"type":"string","description_kind":"plain","optional":true},"binary_attribute_settings":{"type":["map","string"],"description_kind":"plain","optional":true},"description":{"type":"string","description_kind":"plain","optional":true},"id":{"type":"string","description_kind":"plain","optional":true},"member_of_nested_group":{"type":"bool","description_kind":"plain","optional":true},"search_filter":{"type":"string","description_kind":"plain","required":true},"search_scope":{"type":"string","description_kind":"plain","required":true}},"block_types":{"attribute_contract_fulfillment":{"nesting_mode":"set","block":{"attributes":{"key_name":{"type":"string","description_kind":"plain","required":true},"value":{"type":"string","description_kind":"plain","optional":true}},"block_types":{"source":{"nesting_mode":"list","block":{"attributes":{"id":{"type":"string","description_kind":"plain","optional":true},"type":{"type":"string","description_kind":"plain","required":true}},"description_kind":"plain"},"min_items":1,"max_items":1}},"description_kind":"plain"}},"data_store_ref":{"nesting_mode":"list","block":{"attributes":{"id":{"type":"string","description_kind":"plain","required":true},"location":{"type":"string","description_kind":"plain","computed":true}},"description_kind":"plain"},"min_items":1,"max_items":1}},"description_kind":"plain"}}},"description_kind":"plain"},"max_items":1},"input_user_id_mapping":{"nesting_mode":"list","block":{"attributes":{"value":{"type":"string","description_kind":"plain","optional":true}},"block_types":{"source":{"nesting_mode":"list","block":{"attributes":{"id":{"type":"string","description_kind":"plain","optional":true},"type":{"type":"string","description_kind":"plain","required":true}},"description_kind":"plain"},"min_items":1,"max_items":1}},"description_kind":"plain"}},"local_identity_ref":{"nesting_mode":"list","block":{"attributes":{"id":{"type":"string","description_kind":"plain","required":true},"location":{"type":"string","description_kind":"plain","computed":true}},"description_kind":"plain"},"max_items":1},"outbound_attribute_mapping":{"nesting_mode":"list","block":{"block_types":{"attribute_contract_fulfillment":{"nesting_mode":"set","block":{"attributes":{"key_name":{"type":"string","description_kind":"plain","required":true},"value":{"type":"string","description_kind":"plain","optional":true}},"block_types":{"source":{"nesting_mode":"list","block":{"attributes":{"id":{"type":"string","description_kind":"plain","optional":true},"type":{"type":"string","description_kind":"plain","required":true}},"description_kind":"plain"},"min_items":1,"max_items":1}},"description_kind":"plain"},"min_items":1},"custom_attribute_source":{"nesting_mode":"list","block":{"attributes":{"description":{"type":"string","description_kind":"plain","optional":true},"id":{"type":"string","description_kind":"plain","optional":true}},"block_types":{"attribute_contract_fulfillment":{"nesting_mode":"set","block":{"attributes":{"key_name":{"type":"string","description_kind":"plain","required":true},"value":{"type":"string","description_kind":"plain","optional":true}},"block_types":{"source":{"nesting_mode":"list","block":{"attributes":{"id":{"type":"string","description_kind":"plain","optional":true},"type":{"type":"string","description_kind":"plain","required":true}},"description_kind":"plain"},"min_items":1,"max_items":1}},"description_kind":"plain"}},"data_store_ref":{"nesting_mode":"list","block":{"attributes":{"id":{"type":"string","description_kind":"plain","required":true},"location":{"type":"string","description_kind":"plain","computed":true}},"description_kind":"plain"},"min_items":1,"max_items":1},"filter_fields":{"nesting_mode":"list","block":{"attributes":{"name":{"type":"string","description_kind":"plain","required":true},"value":{"type":"string","description_kind":"plain","optional":true}},"description_kind":"plain"},"min_items":1}},"description_kind":"plain"}},"issuance_criteria":{"nesting_mode":"list","block":{"block_types":{"conditional_criteria":{"nesting_mode":"list","block":{"attributes":{"attribute_name":{"type":"string","description_kind":"plain","required":true},"condition":{"type":"string","description_kind":"plain","required":true},"error_result":{"type":"string","description_kind":"plain","optional":true},"value":{"type":"string","description_kind":"plain","required":true}},"block_types":{"source":{"nesting_mode":"list","block":{"attributes":{"id":{"type":"string","description_kind":"plain","optional":true},"type":{"type":"string","description_kind":"plain","required":true}},"description_kind":"plain"},"min_items":1,"max_items":1}},"description_kind":"plain"}},"expression_criteria":{"nesting_mode":"list","block":{"attributes":{"error_result":{"type":"string","description_kind":"plain","optional":true},"expression":{"type":"string","description_kind":"plain","required":true}},"description_kind":"plain"}}},"description_kind":"plain"},"max_items":1},"jdbc_attribute_source":{"nesting_mode":"list","block":{"attributes":{"description":{"type":"string","description_kind":"plain","optional":true},"filter":{"type":"string","description_kind":"plain","required":true},"id":{"type":"string","description_kind":"plain","optional":true},"schema":{"type":"string","description_kind":"plain","optional":true},"table":{"type":"string","description_kind":"plain","required":true}},"block_types":{"attribute_contract_fulfillment":{"nesting_mode":"set","block":{"attributes":{"key_name":{"type":"string","description_kind":"plain","required":true},"value":{"type":"string","description_kind":"plain","optional":true}},"block_types":{"source":{"nesting_mode":"list","block":{"attributes":{"id":{"type":"string","description_kind":"plain","optional":true},"type":{"type":"string","description_kind":"plain","required":true}},"description_kind":"plain"},"min_items":1,"max_items":1}},"description_kind":"plain"}},"data_store_ref":{"nesting_mode":"list","block":{"attributes":{"id":{"type":"string","description_kind":"plain","required":true},"location":{"type":"string","description_kind":"plain","computed":true}},"description_kind":"plain"},"min_items":1,"max_items":1}},"description_kind":"plain"}},"ldap_attribute_source":{"nesting_mode":"list","block":{"attributes":{"base_dn":{"type":"string","description_kind":"plain","optional":true},"binary_attribute_settings":{"type":["map","string"],"description_kind":"plain","optional":true},"description":{"type":"string","description_kind":"plain","optional":true},"id":{"type":"string","description_kind":"plain","optional":true},"member_of_nested_group":{"type":"bool","description_kind":"plain","optional":true},"search_filter":{"type":"string","description_kind":"plain","required":true},"search_scope":{"type":"string","description_kind":"plain","required":true}},"block_types":{"attribute_contract_fulfillment":{"nesting_mode":"set","block":{"attributes":{"key_name":{"type":"string","description_kind":"plain","required":true},"value":{"type":"string","description_kind":"plain","optional":true}},"block_types":{"source":{"nesting_mode":"list","block":{"attributes":{"id":{"type":"string","description_kind":"plain","optional":true},"type":{"type":"string","description_kind":"plain","required":true}},"description_kind":"plain"},"min_items":1,"max_items":1}},"description_kind":"plain"}},"data_store_ref":{"nesting_mode":"list","block":{"attributes":{"id":{"type":"string","description_kind":"plain","required":true},"location":{"type":"string","description_kind":"plain","computed":true}},"description_kind":"plain"},"min_items":1,"max_items":1}},"description_kind":"plain"}}},"description_kind":"plain"},"max_items":1}},"description_kind":"plain"},"min_items":1,"max_items":1},"children":{"nesting_mode":"list","block":{"block_types":{"action":{"nesting_mode":"list","block":{"attributes":{"context":{"type":"string","description_kind":"plain","optional":true},"type":{"type":"string","description_kind":"plain","required":true}},"block_types":{"attribute_mapping":{"nesting_mode":"list","block":{"block_types":{"attribute_contract_fulfillment":{"nesting_mode":"set","block":{"attributes":{"key_name":{"type":"string","description_kind":"plain","required":true},"value":{"type":"string","description_kind":"plain","optional":true}},"block_types":{"source":{"nesting_mode":"list","block":{"attributes":{"id":{"type":"string","description_kind":"plain","optional":true},"type":{"type":"string","description_kind":"plain","required":true}},"description_kind":"plain"},"min_items":1,"max_items":1}},"description_kind":"plain"},"min_items":1},"custom_attribute_source":{"nesting_mode":"list","block":{"attributes":{"description":{"type":"string","description_kind":"plain","optional":true},"id":{"type":"string","description_kind":"plain","optional":true}},"block_types":{"attribute_contract_fulfillment":{"nesting_mode":"set","block":{"attributes":{"key_name":{"type":"string","description_kind":"plain","required":true},"value":{"type":"string","description_kind":"plain","optional":true}},"block_types":{"source":{"nesting_mode":"list","block":{"attributes":{"id":{"type":"string","description_kind":"plain","optional":true},"type":{"type":"string","description_kind":"plain","required":true}},"description_kind":"plain"},"min_items":1,"max_items":1}},"description_kind":"plain"}},"data_store_ref":{"nesting_mode":"list","block":{"attributes":{"id":{"type":"string","description_kind":"plain","required":true},"location":{"type":"string","description_kind":"plain","computed":true}},"description_kind":"plain"},"min_items":1,"max_items":1},"filter_fields":{"nesting_mode":"list","block":{"attributes":{"name":{"type":"string","description_kind":"plain","required":true},"value":{"type":"string","description_kind":"plain","optional":true}},"description_kind":"plain"},"min_items":1}},"description_kind":"plain"}},"issuance_criteria":{"nesting_mode":"list","block":{"block_types":{"conditional_criteria":{"nesting_mode":"list","block":{"attributes":{"attribute_name":{"type":"string","description_kind":"plain","required":true},"condition":{"type":"string","description_kind":"plain","required":true},"error_result":{"type":"string","description_kind":"plain","optional":true},"value":{"type":"string","description_kind":"plain","required":true}},"block_types":{"source":{"nesting_mode":"list","block":{"attributes":{"id":{"type":"string","description_kind":"plain","optional":true},"type":{"type":"string","description_kind":"plain","required":true}},"description_kind":"plain"},"min_items":1,"max_items":1}},"description_kind":"plain"}},"expression_criteria":{"nesting_mode":"list","block":{"attributes":{"error_result":{"type":"string","description_kind":"plain","optional":true},"expression":{"type":"string","description_kind":"plain","required":true}},"description_kind":"plain"}}},"description_kind":"plain"},"max_items":1},"jdbc_attribute_source":{"nesting_mode":"list","block":{"attributes":{"description":{"type":"string","description_kind":"plain","optional":true},"filter":{"type":"string","description_kind":"plain","required":true},"id":{"type":"string","description_kind":"plain","optional":true},"schema":{"type":"string","description_kind":"plain","optional":true},"table":{"type":"string","description_kind":"plain","required":true}},"block_types":{"attribute_contract_fulfillment":{"nesting_mode":"set","block":{"attributes":{"key_name":{"type":"string","description_kind":"plain","required":true},"value":{"type":"string","description_kind":"plain","optional":true}},"block_types":{"source":{"nesting_mode":"list","block":{"attributes":{"id":{"type":"string","description_kind":"plain","optional":true},"type":{"type":"string","description_kind":"plain","required":true}},"description_kind":"plain"},"min_items":1,"max_items":1}},"description_kind":"plain"}},"data_store_ref":{"nesting_mode":"list","block":{"attributes":{"id":{"type":"string","description_kind":"plain","required":true},"location":{"type":"string","description_kind":"plain","computed":true}},"description_kind":"plain"},"min_items":1,"max_items":1}},"description_kind":"plain"}},"ldap_attribute_source":{"nesting_mode":"list","block":{"attributes":{"base_dn":{"type":"string","description_kind":"plain","optional":true},"binary_attribute_settings":{"type":["map","string"],"description_kind":"plain","optional":true},"description":{"type":"string","description_kind":"plain","optional":true},"id":{"type":"string","description_kind":"plain","optional":true},"member_of_nested_group":{"type":"bool","description_kind":"plain","optional":true},"search_filter":{"type":"string","description_kind":"plain","required":true},"search_scope":{"type":"string","description_kind":"plain","required":true}},"block_types":{"attribute_contract_fulfillment":{"nesting_mode":"set","block":{"attributes":{"key_name":{"type":"string","description_kind":"plain","required":true},"value":{"type":"string","description_kind":"plain","optional":true}},"block_types":{"source":{"nesting_mode":"list","block":{"attributes":{"id":{"type":"string","description_kind":"plain","optional":true},"type":{"type":"string","description_kind":"plain","required":true}},"description_kind":"plain"},"min_items":1,"max_items":1}},"description_kind":"plain"}},"data_store_ref":{"nesting_mode":"list","block":{"attributes":{"id":{"type":"string","description_kind":"plain","required":true},"location":{"type":"string","description_kind":"plain","computed":true}},"description_kind":"plain"},"min_items":1,"max_items":1}},"description_kind":"plain"}}},"description_kind":"plain"},"max_items":1},"attribute_rules":{"nesting_mode":"list","block":{"attributes":{"fallback_to_success":{"type":"bool","description_kind":"plain","optional":true}},"block_types":{"items":{"nesting_mode":"set","block":{"attributes":{"attribute_name":{"type":"string","description_kind":"plain","required":true},"condition":{"type":"string","description_kind":"plain","required":true},"expected_value":{"type":"string","description_kind":"plain","required":true},"result":{"type":"string","description_kind":"plain","required":true}},"description_kind":"plain"}}},"description_kind":"plain"},"max_items":1},"authentication_policy_contract_ref":{"nesting_mode":"list","block":{"attributes":{"id":{"type":"string","description_kind":"plain","required":true},"location":{"type":"string","description_kind":"plain","computed":true}},"description_kind":"plain"},"max_items":1},"authentication_selector_ref":{"nesting_mode":"list","block":{"attributes":{"id":{"type":"string","description_kind":"plain","required":true},"location":{"type":"string","description_kind":"plain","computed":true}},"description_kind":"plain"},"max_items":1},"authentication_source":{"nesting_mode":"list","block":{"attributes":{"type":{"type":"string","description_kind":"plain","required":true}},"block_types":{"source_ref":{"nesting_mode":"list","block":{"attributes":{"id":{"type":"string","description_kind":"plain","required":true},"location":{"type":"string","description_kind":"plain","computed":true}},"description_kind":"plain"},"max_items":1}},"description_kind":"plain"},"max_items":1},"inbound_mapping":{"nesting_mode":"list","block":{"block_types":{"attribute_contract_fulfillment":{"nesting_mode":"set","block":{"attributes":{"key_name":{"type":"string","description_kind":"plain","required":true},"value":{"type":"string","description_kind":"plain","optional":true}},"block_types":{"source":{"nesting_mode":"list","block":{"attributes":{"id":{"type":"string","description_kind":"plain","optional":true},"type":{"type":"string","description_kind":"plain","required":true}},"description_kind":"plain"},"min_items":1,"max_items":1}},"description_kind":"plain"},"min_items":1},"custom_attribute_source":{"nesting_mode":"list","block":{"attributes":{"description":{"type":"string","description_kind":"plain","optional":true},"id":{"type":"string","description_kind":"plain","optional":true}},"block_types":{"attribute_contract_fulfillment":{"nesting_mode":"set","block":{"attributes":{"key_name":{"type":"string","description_kind":"plain","required":true},"value":{"type":"string","description_kind":"plain","optional":true}},"block_types":{"source":{"nesting_mode":"list","block":{"attributes":{"id":{"type":"string","description_kind":"plain","optional":true},"type":{"type":"string","description_kind":"plain","required":true}},"description_kind":"plain"},"min_items":1,"max_items":1}},"description_kind":"plain"}},"data_store_ref":{"nesting_mode":"list","block":{"attributes":{"id":{"type":"string","description_kind":"plain","required":true},"location":{"type":"string","description_kind":"plain","computed":true}},"description_kind":"plain"},"min_items":1,"max_items":1},"filter_fields":{"nesting_mode":"list","block":{"attributes":{"name":{"type":"string","description_kind":"plain","required":true},"value":{"type":"string","description_kind":"plain","optional":true}},"description_kind":"plain"},"min_items":1}},"description_kind":"plain"}},"issuance_criteria":{"nesting_mode":"list","block":{"block_types":{"conditional_criteria":{"nesting_mode":"list","block":{"attributes":{"attribute_name":{"type":"string","description_kind":"plain","required":true},"condition":{"type":"string","description_kind":"plain","required":true},"error_result":{"type":"string","description_kind":"plain","optional":true},"value":{"type":"string","description_kind":"plain","required":true}},"block_types":{"source":{"nesting_mode":"list","block":{"attributes":{"id":{"type":"string","description_kind":"plain","optional":true},"type":{"type":"string","description_kind":"plain","required":true}},"description_kind":"plain"},"min_items":1,"max_items":1}},"description_kind":"plain"}},"expression_criteria":{"nesting_mode":"list","block":{"attributes":{"error_result":{"type":"string","description_kind":"plain","optional":true},"expression":{"type":"string","description_kind":"plain","required":true}},"description_kind":"plain"}}},"description_kind":"plain"},"max_items":1},"jdbc_attribute_source":{"nesting_mode":"list","block":{"attributes":{"description":{"type":"string","description_kind":"plain","optional":true},"filter":{"type":"string","description_kind":"plain","required":true},"id":{"type":"string","description_kind":"plain","optional":true},"schema":{"type":"string","description_kind":"plain","optional":true},"table":{"type":"string","description_kind":"plain","required":true}},"block_types":{"attribute_contract_fulfillment":{"nesting_mode":"set","block":{"attributes":{"key_name":{"type":"string","description_kind":"plain","required":true},"value":{"type":"string","description_kind":"plain","optional":true}},"block_types":{"source":{"nesting_mode":"list","block":{"attributes":{"id":{"type":"string","description_kind":"plain","optional":true},"type":{"type":"string","description_kind":"plain","required":true}},"description_kind":"plain"},"min_items":1,"max_items":1}},"description_kind":"plain"}},"data_store_ref":{"nesting_mode":"list","block":{"attributes":{"id":{"type":"string","description_kind":"plain","required":true},"location":{"type":"string","description_kind":"plain","computed":true}},"description_kind":"plain"},"min_items":1,"max_items":1}},"description_kind":"plain"}},"ldap_attribute_source":{"nesting_mode":"list","block":{"attributes":{"base_dn":{"type":"string","description_kind":"plain","optional":true},"binary_attribute_settings":{"type":["map","string"],"description_kind":"plain","optional":true},"description":{"type":"string","description_kind":"plain","optional":true},"id":{"type":"string","description_kind":"plain","optional":true},"member_of_nested_group":{"type":"bool","description_kind":"plain","optional":true},"search_filter":{"type":"string","description_kind":"plain","required":true},"search_scope":{"type":"string","description_kind":"plain","required":true}},"block_types":{"attribute_contract_fulfillment":{"nesting_mode":"set","block":{"attributes":{"key_name":{"type":"string","description_kind":"plain","required":true},"value":{"type":"string","description_kind":"plain","optional":true}},"block_types":{"source":{"nesting_mode":"list","block":{"attributes":{"id":{"type":"string","description_kind":"plain","optional":true},"type":{"type":"string","description_kind":"plain","required":true}},"description_kind":"plain"},"min_items":1,"max_items":1}},"description_kind":"plain"}},"data_store_ref":{"nesting_mode":"list","block":{"attributes":{"id":{"type":"string","description_kind":"plain","required":true},"location":{"type":"string","description_kind":"plain","computed":true}},"description_kind":"plain"},"min_items":1,"max_items":1}},"description_kind":"plain"}}},"description_kind":"plain"},"max_items":1},"input_user_id_mapping":{"nesting_mode":"list","block":{"attributes":{"value":{"type":"string","description_kind":"plain","optional":true}},"block_types":{"source":{"nesting_mode":"list","block":{"attributes":{"id":{"type":"string","description_kind":"plain","optional":true},"type":{"type":"string","description_kind":"plain","required":true}},"description_kind":"plain"},"min_items":1,"max_items":1}},"description_kind":"plain"}},"local_identity_ref":{"nesting_mode":"list","block":{"attributes":{"id":{"type":"string","description_kind":"plain","required":true},"location":{"type":"string","description_kind":"plain","computed":true}},"description_kind":"plain"},"max_items":1},"outbound_attribute_mapping":{"nesting_mode":"list","block":{"block_types":{"attribute_contract_fulfillment":{"nesting_mode":"set","block":{"attributes":{"key_name":{"type":"string","description_kind":"plain","required":true},"value":{"type":"string","description_kind":"plain","optional":true}},"block_types":{"source":{"nesting_mode":"list","block":{"attributes":{"id":{"type":"string","description_kind":"plain","optional":true},"type":{"type":"string","description_kind":"plain","required":true}},"description_kind":"plain"},"min_items":1,"max_items":1}},"description_kind":"plain"},"min_items":1},"custom_attribute_source":{"nesting_mode":"list","block":{"attributes":{"description":{"type":"string","description_kind":"plain","optional":true},"id":{"type":"string","description_kind":"plain","optional":true}},"block_types":{"attribute_contract_fulfillment":{"nesting_mode":"set","block":{"attributes":{"key_name":{"type":"string","description_kind":"plain","required":true},"value":{"type":"string","description_kind":"plain","optional":true}},"block_types":{"source":{"nesting_mode":"list","block":{"attributes":{"id":{"type":"string","description_kind":"plain","optional":true},"type":{"type":"string","description_kind":"plain","required":true}},"description_kind":"plain"},"min_items":1,"max_items":1}},"description_kind":"plain"}},"data_store_ref":{"nesting_mode":"list","block":{"attributes":{"id":{"type":"string","description_kind":"plain","required":true},"location":{"type":"string","description_kind":"plain","computed":true}},"description_kind":"plain"},"min_items":1,"max_items":1},"filter_fields":{"nesting_mode":"list","block":{"attributes":{"name":{"type":"string","description_kind":"plain","required":true},"value":{"type":"string","description_kind":"plain","optional":true}},"description_kind":"plain"},"min_items":1}},"description_kind":"plain"}},"issuance_criteria":{"nesting_mode":"list","block":{"block_types":{"conditional_criteria":{"nesting_mode":"list","block":{"attributes":{"attribute_name":{"type":"string","description_kind":"plain","required":true},"condition":{"type":"string","description_kind":"plain","required":true},"error_result":{"type":"string","description_kind":"plain","optional":true},"value":{"type":"string","description_kind":"plain","required":true}},"block_types":{"source":{"nesting_mode":"list","block":{"attributes":{"id":{"type":"string","description_kind":"plain","optional":true},"type":{"type":"string","description_kind":"plain","required":true}},"description_kind":"plain"},"min_items":1,"max_items":1}},"description_kind":"plain"}},"expression_criteria":{"nesting_mode":"list","block":{"attributes":{"error_result":{"type":"string","description_kind":"plain","optional":true},"expression":{"type":"string","description_kind":"plain","required":true}},"description_kind":"plain"}}},"description_kind":"plain"},"max_items":1},"jdbc_attribute_source":{"nesting_mode":"list","block":{"attributes":{"description":{"type":"string","description_kind":"plain","optional":true},"filter":{"type":"string","description_kind":"plain","required":true},"id":{"type":"string","description_kind":"plain","optional":true},"schema":{"type":"string","description_kind":"plain","optional":true},"table":{"type":"string","description_kind":"plain","required":true}},"block_types":{"attribute_contract_fulfillment":{"nesting_mode":"set","block":{"attributes":{"key_name":{"type":"string","description_kind":"plain","required":true},"value":{"type":"string","description_kind":"plain","optional":true}},"block_types":{"source":{"nesting_mode":"list","block":{"attributes":{"id":{"type":"string","description_kind":"plain","optional":true},"type":{"type":"string","description_kind":"plain","required":true}},"description_kind":"plain"},"min_items":1,"max_items":1}},"description_kind":"plain"}},"data_store_ref":{"nesting_mode":"list","block":{"attributes":{"id":{"type":"string","description_kind":"plain","required":true},"location":{"type":"string","description_kind":"plain","computed":true}},"description_kind":"plain"},"min_items":1,"max_items":1}},"description_kind":"plain"}},"ldap_attribute_source":{"nesting_mode":"list","block":{"attributes":{"base_dn":{"type":"string","description_kind":"plain","optional":true},"binary_attribute_settings":{"type":["map","string"],"description_kind":"plain","optional":true},"description":{"type":"string","description_kind":"plain","optional":true},"id":{"type":"string","description_kind":"plain","optional":true},"member_of_nested_group":{"type":"bool","description_kind":"plain","optional":true},"search_filter":{"type":"string","description_kind":"plain","required":true},"search_scope":{"type":"string","description_kind":"plain","required":true}},"block_types":{"attribute_contract_fulfillment":{"nesting_mode":"set","block":{"attributes":{"key_name":{"type":"string","description_kind":"plain","required":true},"value":{"type":"string","description_kind":"plain","optional":true}},"block_types":{"source":{"nesting_mode":"list","block":{"attributes":{"id":{"type":"string","description_kind":"plain","optional":true},"type":{"type":"string","description_kind":"plain","required":true}},"description_kind":"plain"},"min_items":1,"max_items":1}},"description_kind":"plain"}},"data_store_ref":{"nesting_mode":"list","block":{"attributes":{"id":{"type":"string","description_kind":"plain","required":true},"location":{"type":"string","description_kind":"plain","computed":true}},"description_kind":"plain"},"min_items":1,"max_items":1}},"description_kind":"plain"}}},"description_kind":"plain"},"max_items":1}},"description_kind":"plain"},"min_items":1,"max_items":1},"children":{"nesting_mode":"list","block":{"block_types":{"action":{"nesting_mode":"list","block":{"attributes":{"context":{"type":"string","description_kind":"plain","optional":true},"type":{"type":"string","description_kind":"plain","required":true}},"block_types":{"attribute_mapping":{"nesting_mode":"list","block":{"block_types":{"attribute_contract_fulfillment":{"nesting_mode":"set","block":{"attributes":{"key_name":{"type":"string","description_kind":"plain","required":true},"value":{"type":"string","description_kind":"plain","optional":true}},"block_types":{"source":{"nesting_mode":"list","block":{"attributes":{"id":{"type":"string","description_kind":"plain","optional":true},"type":{"type":"string","description_kind":"plain","required":true}},"description_kind":"plain"},"min_items":1,"max_items":1}},"description_kind":"plain"},"min_items":1},"custom_attribute_source":{"nesting_mode":"list","block":{"attributes":{"description":{"type":"string","description_kind":"plain","optional":true},"id":{"type":"string","description_kind":"plain","optional":true}},"block_types":{"attribute_contract_fulfillment":{"nesting_mode":"set","block":{"attributes":{"key_name":{"type":"string","description_kind":"plain","required":true},"value":{"type":"string","description_kind":"plain","optional":true}},"block_types":{"source":{"nesting_mode":"list","block":{"attributes":{"id":{"type":"string","description_kind":"plain","optional":true},"type":{"type":"string","description_kind":"plain","required":true}},"description_kind":"plain"},"min_items":1,"max_items":1}},"description_kind":"plain"}},"data_store_ref":{"nesting_mode":"list","block":{"attributes":{"id":{"type":"string","description_kind":"plain","required":true},"location":{"type":"string","description_kind":"plain","computed":true}},"description_kind":"plain"},"min_items":1,"max_items":1},"filter_fields":{"nesting_mode":"list","block":{"attributes":{"name":{"type":"string","description_kind":"plain","required":true},"value":{"type":"string","description_kind":"plain","optional":true}},"description_kind":"plain"},"min_items":1}},"description_kind":"plain"}},"issuance_criteria":{"nesting_mode":"list","block":{"block_types":{"conditional_criteria":{"nesting_mode":"list","block":{"attributes":{"attribute_name":{"type":"string","description_kind":"plain","required":true},"condition":{"type":"string","description_kind":"plain","required":true},"error_result":{"type":"string","description_kind":"plain","optional":true},"value":{"type":"string","description_kind":"plain","required":true}},"block_types":{"source":{"nesting_mode":"list","block":{"attributes":{"id":{"type":"string","description_kind":"plain","optional":true},"type":{"type":"string","description_kind":"plain","required":true}},"description_kind":"plain"},"min_items":1,"max_items":1}},"description_kind":"plain"}},"expression_criteria":{"nesting_mode":"list","block":{"attributes":{"error_result":{"type":"string","description_kind":"plain","optional":true},"expression":{"type":"string","description_kind":"plain","required":true}},"description_kind":"plain"}}},"description_kind":"plain"},"max_items":1},"jdbc_attribute_source":{"nesting_mode":"list","block":{"attributes":{"description":{"type":"string","description_kind":"plain","optional":true},"filter":{"type":"string","description_kind":"plain","required":true},"id":{"type":"string","description_kind":"plain","optional":true},"schema":{"type":"string","description_kind":"plain","optional":true},"table":{"type":"string","description_kind":"plain","required":true}},"block_types":{"attribute_contract_fulfillment":{"nesting_mode":"set","block":{"attributes":{"key_name":{"type":"string","description_kind":"plain","required":true},"value":{"type":"string","description_kind":"plain","optional":true}},"block_types":{"source":{"nesting_mode":"list","block":{"attributes":{"id":{"type":"string","description_kind":"plain","optional":true},"type":{"type":"string","description_kind":"plain","required":true}},"description_kind":"plain"},"min_items":1,"max_items":1}},"description_kind":"plain"}},"data_store_ref":{"nesting_mode":"list","block":{"attributes":{"id":{"type":"string","description_kind":"plain","required":true},"location":{"type":"string","description_kind":"plain","computed":true}},"description_kind":"plain"},"min_items":1,"max_items":1}},"description_kind":"plain"}},"ldap_attribute_source":{"nesting_mode":"list","block":{"attributes":{"base_dn":{"type":"string","description_kind":"plain","optional":true},"binary_attribute_settings":{"type":["map","string"],"description_kind":"plain","optional":true},"description":{"type":"string","description_kind":"plain","optional":true},"id":{"type":"string","description_kind":"plain","optional":true},"member_of_nested_group":{"type":"bool","description_kind":"plain","optional":true},"search_filter":{"type":"string","description_kind":"plain","required":true},"search_scope":{"type":"string","description_kind":"plain","required":true}},"block_types":{"attribute_contract_fulfillment":{"nesting_mode":"set","block":{"attributes":{"key_name":{"type":"string","description_kind":"plain","required":true},"value":{"type":"string","description_kind":"plain","optional":true}},"block_types":{"source":{"nesting_mode":"list","block":{"attributes":{"id":{"type":"string","description_kind":"plain","optional":true},"type":{"type":"string","description_kind":"plain","required":true}},"description_kind":"plain"},"min_items":1,"max_items":1}},"description_kind":"plain"}},"data_store_ref":{"nesting_mode":"list","block":{"attributes":{"id":{"type":"string","description_kind":"plain","required":true},"location":{"type":"string","description_kind":"plain","computed":true}},"description_kind":"plain"},"min_items":1,"max_items":1}},"description_kind":"plain"}}},"description_kind":"plain"},"max_items":1},"attribute_rules":{"nesting_mode":"list","block":{"attributes":{"fallback_to_success":{"type":"bool","description_kind":"plain","optional":true}},"block_types":{"items":{"nesting_mode":"set","block":{"attributes":{"attribute_name":{"type":"string","description_kind":"plain","required":true},"condition":{"type":"string","description_kind":"plain","required":true},"expected_value":{"type":"string","description_kind":"plain","required":true},"result":{"type":"string","description_kind":"plain","required":true}},"description_kind":"plain"}}},"description_kind":"plain"},"max_items":1},"authentication_policy_contract_ref":{"nesting_mode":"list","block":{"attributes":{"id":{"type":"string","description_kind":"plain","required":true},"location":{"type":"string","description_kind":"plain","computed":true}},"description_kind":"plain"},"max_items":1},"authentication_selector_ref":{"nesting_mode":"list","block":{"attributes":{"id":{"type":"string","description_kind":"plain","required":true},"location":{"type":"string","description_kind":"plain","computed":true}},"description_kind":"plain"},"max_items":1},"authentication_source":{"nesting_mode":"list","block":{"attributes":{"type":{"type":"string","description_kind":"plain","required":true}},"block_types":{"source_ref":{"nesting_mode":"list","block":{"attributes":{"id":{"type":"string","description_kind":"plain","required":true},"location":{"type":"string","description_kind":"plain","computed":true}},"description_kind":"plain"},"max_items":1}},"description_kind":"plain"},"max_items":1},"inbound_mapping":{"nesting_mode":"list","block":{"block_types":{"attribute_contract_fulfillment":{"nesting_mode":"set","block":{"attributes":{"key_name":{"type":"string","description_kind":"plain","required":true},"value":{"type":"string","description_kind":"plain","optional":true}},"block_types":{"source":{"nesting_mode":"list","block":{"attributes":{"id":{"type":"string","description_kind":"plain","optional":true},"type":{"type":"string","description_kind":"plain","required":true}},"description_kind":"plain"},"min_items":1,"max_items":1}},"description_kind":"plain"},"min_items":1},"custom_attribute_source":{"nesting_mode":"list","block":{"attributes":{"description":{"type":"string","description_kind":"plain","optional":true},"id":{"type":"string","description_kind":"plain","optional":true}},"block_types":{"attribute_contract_fulfillment":{"nesting_mode":"set","block":{"attributes":{"key_name":{"type":"string","description_kind":"plain","required":true},"value":{"type":"string","description_kind":"plain","optional":true}},"block_types":{"source":{"nesting_mode":"list","block":{"attributes":{"id":{"type":"string","description_kind":"plain","optional":true},"type":{"type":"string","description_kind":"plain","required":true}},"description_kind":"plain"},"min_items":1,"max_items":1}},"description_kind":"plain"}},"data_store_ref":{"nesting_mode":"list","block":{"attributes":{"id":{"type":"string","description_kind":"plain","required":true},"location":{"type":"string","description_kind":"plain","computed":true}},"description_kind":"plain"},"min_items":1,"max_items":1},"filter_fields":{"nesting_mode":"list","block":{"attributes":{"name":{"type":"string","description_kind":"plain","required":true},"value":{"type":"string","description_kind":"plain","optional":true}},"description_kind":"plain"},"min_items":1}},"description_kind":"plain"}},"issuance_criteria":{"nesting_mode":"list","block":{"block_types":{"conditional_criteria":{"nesting_mode":"list","block":{"attributes":{"attribute_name":{"type":"string","description_kind":"plain","required":true},"condition":{"type":"string","description_kind":"plain","required":true},"error_result":{"type":"string","description_kind":"plain","optional":true},"value":{"type":"string","description_kind":"plain","required":true}},"block_types":{"source":{"nesting_mode":"list","block":{"attributes":{"id":{"type":"string","description_kind":"plain","optional":true},"type":{"type":"string","description_kind":"plain","required":true}},"description_kind":"plain"},"min_items":1,"max_items":1}},"description_kind":"plain"}},"expression_criteria":{"nesting_mode":"list","block":{"attributes":{"error_result":{"type":"string","description_kind":"plain","optional":true},"expression":{"type":"string","description_kind":"plain","required":true}},"description_kind":"plain"}}},"description_kind":"plain"},"max_items":1},"jdbc_attribute_source":{"nesting_mode":"list","block":{"attributes":{"description":{"type":"string","description_kind":"plain","optional":true},"filter":{"type":"string","description_kind":"plain","required":true},"id":{"type":"string","description_kind":"plain","optional":true},"schema":{"type":"string","description_kind":"plain","optional":true},"table":{"type":"string","description_kind":"plain","required":true}},"block_types":{"attribute_contract_fulfillment":{"nesting_mode":"set","block":{"attributes":{"key_name":{"type":"string","description_kind":"plain","required":true},"value":{"type":"string","description_kind":"plain","optional":true}},"block_types":{"source":{"nesting_mode":"list","block":{"attributes":{"id":{"type":"string","description_kind":"plain","optional":true},"type":{"type":"string","description_kind":"plain","required":true}},"description_kind":"plain"},"min_items":1,"max_items":1}},"description_kind":"plain"}},"data_store_ref":{"nesting_mode":"list","block":{"attributes":{"id":{"type":"string","description_kind":"plain","required":true},"location":{"type":"string","description_kind":"plain","computed":true}},"description_kind":"plain"},"min_items":1,"max_items":1}},"description_kind":"plain"}},"ldap_attribute_source":{"nesting_mode":"list","block":{"attributes":{"base_dn":{"type":"string","description_kind":"plain","optional":true},"binary_attribute_settings":{"type":["map","string"],"description_kind":"plain","optional":true},"description":{"type":"string","description_kind":"plain","optional":true},"id":{"type":"string","description_kind":"plain","optional":true},"member_of_nested_group":{"type":"bool","description_kind":"plain","optional":true},"search_filter":{"type":"string","description_kind":"plain","required":true},"search_scope":{"type":"string","description_kind":"plain","required":true}},"block_types":{"attribute_contract_fulfillment":{"nesting_mode":"set","block":{"attributes":{"key_name":{"type":"string","description_kind":"plain","required":true},"value":{"type":"string","description_kind":"plain","optional":true}},"block_types":{"source":{"nesting_mode":"list","block":{"attributes":{"id":{"type":"string","description_kind":"plain","optional":true},"type":{"type":"string","description_kind":"plain","required":true}},"description_kind":"plain"},"min_items":1,"max_items":1}},"description_kind":"plain"}},"data_store_ref":{"nesting_mode":"list","block":{"attributes":{"id":{"type":"string","description_kind":"plain","required":true},"location":{"type":"string","description_kind":"plain","computed":true}},"description_kind":"plain"},"min_items":1,"max_items":1}},"description_kind":"plain"}}},"description_kind":"plain"},"max_items":1},"input_user_id_mapping":{"nesting_mode":"list","block":{"attributes":{"value":{"type":"string","description_kind":"plain","optional":true}},"block_types":{"source":{"nesting_mode":"list","block":{"attributes":{"id":{"type":"string","description_kind":"plain","optional":true},"type":{"type":"string","description_kind":"plain","required":true}},"description_kind":"plain"},"min_items":1,"max_items":1}},"description_kind":"plain"}},"local_identity_ref":{"nesting_mode":"list","block":{"attributes":{"id":{"type":"string","description_kind":"plain","required":true},"location":{"type":"string","description_kind":"plain","computed":true}},"description_kind":"plain"},"max_items":1},"outbound_attribute_mapping":{"nesting_mode":"list","block":{"block_types":{"attribute_contract_fulfillment":{"nesting_mode":"set","block":{"attributes":{"key_name":{"type":"string","description_kind":"plain","required":true},"value":{"type":"string","description_kind":"plain","optional":true}},"block_types":{"source":{"nesting_mode":"list","block":{"attributes":{"id":{"type":"string","description_kind":"plain","optional":true},"type":{"type":"string","description_kind":"plain","required":true}},"description_kind":"plain"},"min_items":1,"max_items":1}},"description_kind":"plain"},"min_items":1},"custom_attribute_source":{"nesting_mode":"list","block":{"attributes":{"description":{"type":"string","description_kind":"plain","optional":true},"id":{"type":"string","description_kind":"plain","optional":true}},"block_types":{"attribute_contract_fulfillment":{"nesting_mode":"set","block":{"attributes":{"key_name":{"type":"string","description_kind":"plain","required":true},"value":{"type":"string","description_kind":"plain","optional":true}},"block_types":{"source":{"nesting_mode":"list","block":{"attributes":{"id":{"type":"string","description_kind":"plain","optional":true},"type":{"type":"string","description_kind":"plain","required":true}},"description_kind":"plain"},"min_items":1,"max_items":1}},"description_kind":"plain"}},"data_store_ref":{"nesting_mode":"list","block":{"attributes":{"id":{"type":"string","description_kind":"plain","required":true},"location":{"type":"string","description_kind":"plain","computed":true}},"description_kind":"plain"},"min_items":1,"max_items":1},"filter_fields":{"nesting_mode":"list","block":{"attributes":{"name":{"type":"string","description_kind":"plain","required":true},"value":{"type":"string","description_kind":"plain","optional":true}},"description_kind":"plain"},"min_items":1}},"description_kind":"plain"}},"issuance_criteria":{"nesting_mode":"list","block":{"block_types":{"conditional_criteria":{"nesting_mode":"list","block":{"attributes":{"attribute_name":{"type":"string","description_kind":"plain","required":true},"condition":{"type":"string","description_kind":"plain","required":true},"error_result":{"type":"string","description_kind":"plain","optional":true},"value":{"type":"string","description_kind":"plain","required":true}},"block_types":{"source":{"nesting_mode":"list","block":{"attributes":{"id":{"type":"string","description_kind":"plain","optional":true},"type":{"type":"string","description_kind":"plain","required":true}},"description_kind":"plain"},"min_items":1,"max_items":1}},"description_kind":"plain"}},"expression_criteria":{"nesting_mode":"list","block":{"attributes":{"error_result":{"type":"string","description_kind":"plain","optional":true},"expression":{"type":"string","description_kind":"plain","required":true}},"description_kind":"plain"}}},"description_kind":"plain"},"max_items":1},"jdbc_attribute_source":{"nesting_mode":"list","block":{"attributes":{"description":{"type":"string","description_kind":"plain","optional":true},"filter":{"type":"string","description_kind":"plain","required":true},"id":{"type":"string","description_kind":"plain","optional":true},"schema":{"type":"string","description_kind":"plain","optional":true},"table":{"type":"string","description_kind":"plain","required":true}},"block_types":{"attribute_contract_fulfillment":{"nesting_mode":"set","block":{"attributes":{"key_name":{"type":"string","description_kind":"plain","required":true},"value":{"type":"string","description_kind":"plain","optional":true}},"block_types":{"source":{"nesting_mode":"list","block":{"attributes":{"id":{"type":"string","description_kind":"plain","optional":true},"type":{"type":"string","description_kind":"plain","required":true}},"description_kind":"plain"},"min_items":1,"max_items":1}},"description_kind":"plain"}},"data_store_ref":{"nesting_mode":"list","block":{"attributes":{"id":{"type":"string","description_kind":"plain","required":true},"location":{"type":"string","description_kind":"plain","computed":true}},"description_kind":"plain"},"min_items":1,"max_items":1}},"description_kind":"plain"}},"ldap_attribute_source":{"nesting_mode":"list","block":{"attributes":{"base_dn":{"type":"string","description_kind":"plain","optional":true},"binary_attribute_settings":{"type":["map","string"],"description_kind":"plain","optional":true},"description":{"type":"string","description_kind":"plain","optional":true},"id":{"type":"string","description_kind":"plain","optional":true},"member_of_nested_group":{"type":"bool","description_kind":"plain","optional":true},"search_filter":{"type":"string","description_kind":"plain","required":true},"search_scope":{"type":"string","description_kind":"plain","required":true}},"block_types":{"attribute_contract_fulfillment":{"nesting_mode":"set","block":{"attributes":{"key_name":{"type":"string","description_kind":"plain","required":true},"value":{"type":"string","description_kind":"plain","optional":true}},"block_types":{"source":{"nesting_mode":"list","block":{"attributes":{"id":{"type":"string","description_kind":"plain","optional":true},"type":{"type":"string","description_kind":"plain","required":true}},"description_kind":"plain"},"min_items":1,"max_items":1}},"description_kind":"plain"}},"data_store_ref":{"nesting_mode":"list","block":{"attributes":{"id":{"type":"string","description_kind":"plain","required":true},"location":{"type":"string","description_kind":"plain","computed":true}},"description_kind":"plain"},"min_items":1,"max_items":1}},"description_kind":"plain"}}},"description_kind":"plain"},"max_items":1}},"description_kind":"plain"},"min_items":1,"max_items":1},"children":{"nesting_mode":"list","block":{"description_kind":"plain"}}},"description_kind":"plain"}}},"description_kind":"plain"}}},"description_kind":"plain"}}},"description_kind":"plain"}}},"description_kind":"plain"}}},"description_kind":"plain"},"max_items":1}},"description_kind":"plain"}},"default_authentication_sources":{"nesting_mode":"set","block":{"attributes":{"type":{"type":"string","description_kind":"plain","required":true}},"block_types":{"source_ref":{"nesting_mode":"list","block":{"attributes":{"id":{"type":"string","description_kind":"plain","required":true},"location":{"type":"string","description_kind":"plain","computed":true}},"description_kind":"plain"},"max_items":1}},"description_kind":"plain"}}},"description_kind":"plain"}},"pingfederate_authentication_policies_settings":{"version":0,"block":{"attributes":{"enable_idp_authn_selection":{"type":"bool","description_kind":"plain","optional":true},"enable_sp_authn_selection":{"type":"bool","description_kind":"plain","optional":true},"id":{"type":"string","description_kind":"plain","optional":true,"computed":true}},"description_kind":"plain"}},"pingfederate_authentication_policy_contract":{"version":0,"block":{"attributes":{"core_attributes":{"type":["set","string"],"description_kind":"plain","computed":true},"extended_attributes":{"type":["set","string"],"description_kind":"plain","optional":true},"id":{"type":"string","description_kind":"plain","optional":true,"computed":true},"name":{"type":"string","description_kind":"plain","required":true}},"description_kind":"plain"}},"pingfederate_authentication_selector":{"version":0,"block":{"attributes":{"id":{"type":"string","description_kind":"plain","optional":true,"computed":true},"name":{"type":"string","description_kind":"plain","required":true}},"block_types":{"attribute_contract":{"nesting_mode":"list","block":{"attributes":{"extended_attributes":{"type":["set","string"],"description_kind":"plain","optional":true}},"description_kind":"plain"},"max_items":1},"configuration":{"nesting_mode":"list","block":{"block_types":{"fields":{"nesting_mode":"set","block":{"attributes":{"inherited":{"type":"bool","description_kind":"plain","optional":true},"name":{"type":"string","description_kind":"plain","required":true},"value":{"type":"string","description_kind":"plain","optional":true}},"description_kind":"plain"}},"sensitive_fields":{"nesting_mode":"set","block":{"attributes":{"inherited":{"type":"bool","description_kind":"plain","optional":true},"name":{"type":"string","description_kind":"plain","required":true},"value":{"type":"string","description_kind":"plain","optional":true,"sensitive":true}},"description_kind":"plain"}},"tables":{"nesting_mode":"list","block":{"attributes":{"inherited":{"type":"bool","description_kind":"plain","optional":true},"name":{"type":"string","description_kind":"plain","required":true}},"block_types":{"rows":{"nesting_mode":"list","block":{"block_types":{"fields":{"nesting_mode":"set","block":{"attributes":{"inherited":{"type":"bool","description_kind":"plain","optional":true},"name":{"type":"string","description_kind":"plain","required":true},"value":{"type":"string","description_kind":"plain","optional":true}},"description_kind":"plain"}},"sensitive_fields":{"nesting_mode":"set","block":{"attributes":{"inherited":{"type":"bool","description_kind":"plain","optional":true},"name":{"type":"string","description_kind":"plain","required":true},"value":{"type":"string","description_kind":"plain","optional":true,"sensitive":true}},"description_kind":"plain"}}},"description_kind":"plain"}}},"description_kind":"plain"}}},"description_kind":"plain"},"max_items":1},"plugin_descriptor_ref":{"nesting_mode":"list","block":{"attributes":{"id":{"type":"string","description_kind":"plain","required":true},"location":{"type":"string","description_kind":"plain","computed":true}},"description_kind":"plain"},"min_items":1,"max_items":1}},"description_kind":"plain"}},"pingfederate_certificates_ca":{"version":0,"block":{"attributes":{"certificate_id":{"type":"string","description_kind":"plain","optional":true,"computed":true},"crypto_provider":{"type":"string","description_kind":"plain","optional":true},"expires":{"type":"string","description_kind":"plain","computed":true},"file_data":{"type":"string","description_kind":"plain","required":true},"id":{"type":"string","description_kind":"plain","optional":true,"computed":true},"issuer_dn":{"type":"string","description_kind":"plain","computed":true},"key_algorithm":{"type":"string","description_kind":"plain","computed":true},"key_size":{"type":"number","description_kind":"plain","computed":true},"serial_number":{"type":"string","description_kind":"plain","computed":true},"sha1_fingerprint":{"type":"string","description_kind":"plain","computed":true},"sha256_fingerprint":{"type":"string","description_kind":"plain","computed":true},"signature_algorithm":{"type":"string","description_kind":"plain","computed":true},"status":{"type":"string","description_kind":"plain","computed":true},"subject_alternative_names":{"type":["set","string"],"description_kind":"plain","computed":true},"subject_dn":{"type":"string","description_kind":"plain","computed":true},"valid_from":{"type":"string","description_kind":"plain","computed":true},"version":{"type":"number","description_kind":"plain","computed":true}},"description_kind":"plain"}},"pingfederate_idp_adapter":{"version":0,"block":{"attributes":{"authn_ctx_class_ref":{"type":"string","description_kind":"plain","optional":true},"id":{"type":"string","description_kind":"plain","optional":true,"computed":true},"name":{"type":"string","description_kind":"plain","required":true}},"block_types":{"attribute_contract":{"nesting_mode":"list","block":{"attributes":{"inherited":{"type":"bool","description_kind":"plain","optional":true},"mask_ognl_values":{"type":"bool","description_kind":"plain","optional":true}},"block_types":{"core_attributes":{"nesting_mode":"set","block":{"attributes":{"masked":{"type":"bool","description":"Specifies whether this attribute is masked in PingFederate logs. Defaults to false.","description_kind":"plain","optional":true},"name":{"type":"string","description":"The name of this attribute.","description_kind":"plain","required":true},"pseudonym":{"type":"bool","description":"Specifies whether this attribute is used to construct a pseudonym for the SP. Defaults to false.","description_kind":"plain","optional":true}},"description_kind":"plain"},"min_items":1},"extended_attributes":{"nesting_mode":"set","block":{"attributes":{"masked":{"type":"bool","description":"Specifies whether this attribute is masked in PingFederate logs. Defaults to false.","description_kind":"plain","optional":true},"name":{"type":"string","description":"The name of this attribute.","description_kind":"plain","required":true},"pseudonym":{"type":"bool","description":"Specifies whether this attribute is used to construct a pseudonym for the SP. Defaults to false.","description_kind":"plain","optional":true}},"description_kind":"plain"}}},"description_kind":"plain"},"min_items":1,"max_items":1},"attribute_mapping":{"nesting_mode":"list","block":{"attributes":{"inherited":{"type":"bool","description_kind":"plain","optional":true}},"block_types":{"attribute_contract_fulfillment":{"nesting_mode":"set","block":{"attributes":{"key_name":{"type":"string","description_kind":"plain","required":true},"value":{"type":"string","description_kind":"plain","optional":true}},"block_types":{"source":{"nesting_mode":"list","block":{"attributes":{"id":{"type":"string","description_kind":"plain","optional":true},"type":{"type":"string","description_kind":"plain","required":true}},"description_kind":"plain"},"min_items":1,"max_items":1}},"description_kind":"plain"},"min_items":1},"custom_attribute_source":{"nesting_mode":"list","block":{"attributes":{"description":{"type":"string","description_kind":"plain","optional":true},"id":{"type":"string","description_kind":"plain","optional":true}},"block_types":{"attribute_contract_fulfillment":{"nesting_mode":"set","block":{"attributes":{"key_name":{"type":"string","description_kind":"plain","required":true},"value":{"type":"string","description_kind":"plain","optional":true}},"block_types":{"source":{"nesting_mode":"list","block":{"attributes":{"id":{"type":"string","description_kind":"plain","optional":true},"type":{"type":"string","description_kind":"plain","required":true}},"description_kind":"plain"},"min_items":1,"max_items":1}},"description_kind":"plain"}},"data_store_ref":{"nesting_mode":"list","block":{"attributes":{"id":{"type":"string","description_kind":"plain","required":true},"location":{"type":"string","description_kind":"plain","computed":true}},"description_kind":"plain"},"min_items":1,"max_items":1},"filter_fields":{"nesting_mode":"list","block":{"attributes":{"name":{"type":"string","description_kind":"plain","required":true},"value":{"type":"string","description_kind":"plain","optional":true}},"description_kind":"plain"},"min_items":1}},"description_kind":"plain"}},"issuance_criteria":{"nesting_mode":"list","block":{"block_types":{"conditional_criteria":{"nesting_mode":"list","block":{"attributes":{"attribute_name":{"type":"string","description_kind":"plain","required":true},"condition":{"type":"string","description_kind":"plain","required":true},"error_result":{"type":"string","description_kind":"plain","optional":true},"value":{"type":"string","description_kind":"plain","required":true}},"block_types":{"source":{"nesting_mode":"list","block":{"attributes":{"id":{"type":"string","description_kind":"plain","optional":true},"type":{"type":"string","description_kind":"plain","required":true}},"description_kind":"plain"},"min_items":1,"max_items":1}},"description_kind":"plain"}},"expression_criteria":{"nesting_mode":"list","block":{"attributes":{"error_result":{"type":"string","description_kind":"plain","optional":true},"expression":{"type":"string","description_kind":"plain","required":true}},"description_kind":"plain"}}},"description_kind":"plain"},"max_items":1},"jdbc_attribute_source":{"nesting_mode":"list","block":{"attributes":{"description":{"type":"string","description_kind":"plain","optional":true},"filter":{"type":"string","description_kind":"plain","required":true},"id":{"type":"string","description_kind":"plain","optional":true},"schema":{"type":"string","description_kind":"plain","optional":true},"table":{"type":"string","description_kind":"plain","required":true}},"block_types":{"attribute_contract_fulfillment":{"nesting_mode":"set","block":{"attributes":{"key_name":{"type":"string","description_kind":"plain","required":true},"value":{"type":"string","description_kind":"plain","optional":true}},"block_types":{"source":{"nesting_mode":"list","block":{"attributes":{"id":{"type":"string","description_kind":"plain","optional":true},"type":{"type":"string","description_kind":"plain","required":true}},"description_kind":"plain"},"min_items":1,"max_items":1}},"description_kind":"plain"}},"data_store_ref":{"nesting_mode":"list","block":{"attributes":{"id":{"type":"string","description_kind":"plain","required":true},"location":{"type":"string","description_kind":"plain","computed":true}},"description_kind":"plain"},"min_items":1,"max_items":1}},"description_kind":"plain"}},"ldap_attribute_source":{"nesting_mode":"list","block":{"attributes":{"base_dn":{"type":"string","description_kind":"plain","optional":true},"binary_attribute_settings":{"type":["map","string"],"description_kind":"plain","optional":true},"description":{"type":"string","description_kind":"plain","optional":true},"id":{"type":"string","description_kind":"plain","optional":true},"member_of_nested_group":{"type":"bool","description_kind":"plain","optional":true},"search_filter":{"type":"string","description_kind":"plain","required":true},"search_scope":{"type":"string","description_kind":"plain","required":true}},"block_types":{"attribute_contract_fulfillment":{"nesting_mode":"set","block":{"attributes":{"key_name":{"type":"string","description_kind":"plain","required":true},"value":{"type":"string","description_kind":"plain","optional":true}},"block_types":{"source":{"nesting_mode":"list","block":{"attributes":{"id":{"type":"string","description_kind":"plain","optional":true},"type":{"type":"string","description_kind":"plain","required":true}},"description_kind":"plain"},"min_items":1,"max_items":1}},"description_kind":"plain"}},"data_store_ref":{"nesting_mode":"list","block":{"attributes":{"id":{"type":"string","description_kind":"plain","required":true},"location":{"type":"string","description_kind":"plain","computed":true}},"description_kind":"plain"},"min_items":1,"max_items":1}},"description_kind":"plain"}}},"description_kind":"plain"},"max_items":1},"configuration":{"nesting_mode":"list","block":{"block_types":{"fields":{"nesting_mode":"set","block":{"attributes":{"inherited":{"type":"bool","description_kind":"plain","optional":true},"name":{"type":"string","description_kind":"plain","required":true},"value":{"type":"string","description_kind":"plain","optional":true}},"description_kind":"plain"}},"sensitive_fields":{"nesting_mode":"set","block":{"attributes":{"inherited":{"type":"bool","description_kind":"plain","optional":true},"name":{"type":"string","description_kind":"plain","required":true},"value":{"type":"string","description_kind":"plain","optional":true,"sensitive":true}},"description_kind":"plain"}},"tables":{"nesting_mode":"list","block":{"attributes":{"inherited":{"type":"bool","description_kind":"plain","optional":true},"name":{"type":"string","description_kind":"plain","required":true}},"block_types":{"rows":{"nesting_mode":"list","block":{"block_types":{"fields":{"nesting_mode":"set","block":{"attributes":{"inherited":{"type":"bool","description_kind":"plain","optional":true},"name":{"type":"string","description_kind":"plain","required":true},"value":{"type":"string","description_kind":"plain","optional":true}},"description_kind":"plain"}},"sensitive_fields":{"nesting_mode":"set","block":{"attributes":{"inherited":{"type":"bool","description_kind":"plain","optional":true},"name":{"type":"string","description_kind":"plain","required":true},"value":{"type":"string","description_kind":"plain","optional":true,"sensitive":true}},"description_kind":"plain"}}},"description_kind":"plain"}}},"description_kind":"plain"}}},"description_kind":"plain"},"max_items":1},"parent_ref":{"nesting_mode":"list","block":{"attributes":{"id":{"type":"string","description_kind":"plain","required":true},"location":{"type":"string","description_kind":"plain","computed":true}},"description_kind":"plain"},"max_items":1},"plugin_descriptor_ref":{"nesting_mode":"list","block":{"attributes":{"id":{"type":"string","description_kind":"plain","required":true},"location":{"type":"string","description_kind":"plain","computed":true}},"description_kind":"plain"},"min_items":1,"max_items":1}},"description_kind":"plain"}},"pingfederate_idp_sp_connection":{"version":0,"block":{"attributes":{"active":{"type":"bool","description_kind":"plain","optional":true},"application_icon_url":{"type":"string","description_kind":"plain","optional":true},"application_name":{"type":"string","description_kind":"plain","optional":true},"base_url":{"type":"string","description_kind":"plain","optional":true},"connection_id":{"type":"string","description_kind":"plain","optional":true,"computed":true},"default_virtual_entity_id":{"type":"string","description_kind":"plain","optional":true},"entity_id":{"type":"string","description_kind":"plain","required":true},"id":{"type":"string","description_kind":"plain","optional":true,"computed":true},"license_connection_group":{"type":"string","description_kind":"plain","optional":true},"logging_mode":{"type":"string","description_kind":"plain","optional":true},"name":{"type":"string","description_kind":"plain","required":true},"type":{"type":"string","description_kind":"plain","optional":true},"virtual_entity_ids":{"type":["list","string"],"description_kind":"plain","optional":true}},"block_types":{"additional_allowed_entities_configuration":{"nesting_mode":"list","block":{"attributes":{"allow_additional_entities":{"type":"bool","description_kind":"plain","optional":true},"allow_all_entities":{"type":"bool","description_kind":"plain","optional":true}},"block_types":{"additional_allowed_entities":{"nesting_mode":"list","block":{"attributes":{"entity_description":{"type":"string","description_kind":"plain","optional":true},"entity_id":{"type":"string","description_kind":"plain","optional":true}},"description_kind":"plain"}}},"description_kind":"plain"}},"attribute_query":{"nesting_mode":"list","block":{"attributes":{"attributes":{"type":["list","string"],"description_kind":"plain","required":true}},"block_types":{"attribute_contract_fulfillment":{"nesting_mode":"set","block":{"attributes":{"key_name":{"type":"string","description_kind":"plain","required":true},"value":{"type":"string","description_kind":"plain","optional":true}},"block_types":{"source":{"nesting_mode":"list","block":{"attributes":{"id":{"type":"string","description_kind":"plain","optional":true},"type":{"type":"string","description_kind":"plain","required":true}},"description_kind":"plain"},"min_items":1,"max_items":1}},"description_kind":"plain"},"min_items":1},"custom_attribute_source":{"nesting_mode":"list","block":{"attributes":{"description":{"type":"string","description_kind":"plain","optional":true},"id":{"type":"string","description_kind":"plain","optional":true}},"block_types":{"attribute_contract_fulfillment":{"nesting_mode":"set","block":{"attributes":{"key_name":{"type":"string","description_kind":"plain","required":true},"value":{"type":"string","description_kind":"plain","optional":true}},"block_types":{"source":{"nesting_mode":"list","block":{"attributes":{"id":{"type":"string","description_kind":"plain","optional":true},"type":{"type":"string","description_kind":"plain","required":true}},"description_kind":"plain"},"min_items":1,"max_items":1}},"description_kind":"plain"}},"data_store_ref":{"nesting_mode":"list","block":{"attributes":{"id":{"type":"string","description_kind":"plain","required":true},"location":{"type":"string","description_kind":"plain","computed":true}},"description_kind":"plain"},"min_items":1,"max_items":1},"filter_fields":{"nesting_mode":"list","block":{"attributes":{"name":{"type":"string","description_kind":"plain","required":true},"value":{"type":"string","description_kind":"plain","optional":true}},"description_kind":"plain"},"min_items":1}},"description_kind":"plain"}},"issuance_criteria":{"nesting_mode":"list","block":{"block_types":{"conditional_criteria":{"nesting_mode":"list","block":{"attributes":{"attribute_name":{"type":"string","description_kind":"plain","required":true},"condition":{"type":"string","description_kind":"plain","required":true},"error_result":{"type":"string","description_kind":"plain","optional":true},"value":{"type":"string","description_kind":"plain","required":true}},"block_types":{"source":{"nesting_mode":"list","block":{"attributes":{"id":{"type":"string","description_kind":"plain","optional":true},"type":{"type":"string","description_kind":"plain","required":true}},"description_kind":"plain"},"min_items":1,"max_items":1}},"description_kind":"plain"}},"expression_criteria":{"nesting_mode":"list","block":{"attributes":{"error_result":{"type":"string","description_kind":"plain","optional":true},"expression":{"type":"string","description_kind":"plain","required":true}},"description_kind":"plain"}}},"description_kind":"plain"}},"jdbc_attribute_source":{"nesting_mode":"list","block":{"attributes":{"description":{"type":"string","description_kind":"plain","optional":true},"filter":{"type":"string","description_kind":"plain","required":true},"id":{"type":"string","description_kind":"plain","optional":true},"schema":{"type":"string","description_kind":"plain","optional":true},"table":{"type":"string","description_kind":"plain","required":true}},"block_types":{"attribute_contract_fulfillment":{"nesting_mode":"set","block":{"attributes":{"key_name":{"type":"string","description_kind":"plain","required":true},"value":{"type":"string","description_kind":"plain","optional":true}},"block_types":{"source":{"nesting_mode":"list","block":{"attributes":{"id":{"type":"string","description_kind":"plain","optional":true},"type":{"type":"string","description_kind":"plain","required":true}},"description_kind":"plain"},"min_items":1,"max_items":1}},"description_kind":"plain"}},"data_store_ref":{"nesting_mode":"list","block":{"attributes":{"id":{"type":"string","description_kind":"plain","required":true},"location":{"type":"string","description_kind":"plain","computed":true}},"description_kind":"plain"},"min_items":1,"max_items":1}},"description_kind":"plain"}},"ldap_attribute_source":{"nesting_mode":"list","block":{"attributes":{"base_dn":{"type":"string","description_kind":"plain","optional":true},"binary_attribute_settings":{"type":["map","string"],"description_kind":"plain","optional":true},"description":{"type":"string","description_kind":"plain","optional":true},"id":{"type":"string","description_kind":"plain","optional":true},"member_of_nested_group":{"type":"bool","description_kind":"plain","optional":true},"search_filter":{"type":"string","description_kind":"plain","required":true},"search_scope":{"type":"string","description_kind":"plain","required":true}},"block_types":{"attribute_contract_fulfillment":{"nesting_mode":"set","block":{"attributes":{"key_name":{"type":"string","description_kind":"plain","required":true},"value":{"type":"string","description_kind":"plain","optional":true}},"block_types":{"source":{"nesting_mode":"list","block":{"attributes":{"id":{"type":"string","description_kind":"plain","optional":true},"type":{"type":"string","description_kind":"plain","required":true}},"description_kind":"plain"},"min_items":1,"max_items":1}},"description_kind":"plain"}},"data_store_ref":{"nesting_mode":"list","block":{"attributes":{"id":{"type":"string","description_kind":"plain","required":true},"location":{"type":"string","description_kind":"plain","computed":true}},"description_kind":"plain"},"min_items":1,"max_items":1}},"description_kind":"plain"}},"policy":{"nesting_mode":"list","block":{"attributes":{"encrypt_assertion":{"type":"bool","description_kind":"plain","optional":true},"require_encrypted_name_id":{"type":"bool","description_kind":"plain","optional":true},"require_signed_attribute_query":{"type":"bool","description_kind":"plain","optional":true},"sign_assertion":{"type":"bool","description_kind":"plain","optional":true},"sign_response":{"type":"bool","description_kind":"plain","optional":true}},"description_kind":"plain"}}},"description_kind":"plain"}},"contact_info":{"nesting_mode":"list","block":{"attributes":{"company":{"type":"string","description_kind":"plain","optional":true},"email":{"type":"string","description_kind":"plain","optional":true},"first_name":{"type":"string","description_kind":"plain","optional":true},"last_name":{"type":"string","description_kind":"plain","optional":true},"phone":{"type":"string","description_kind":"plain","optional":true}},"description_kind":"plain"}},"credentials":{"nesting_mode":"list","block":{"attributes":{"block_encryption_algorithm":{"type":"string","description_kind":"plain","optional":true},"key_transport_algorithm":{"type":"string","description_kind":"plain","optional":true},"verification_issuer_dn":{"type":"string","description_kind":"plain","optional":true},"verification_subject_dn":{"type":"string","description_kind":"plain","optional":true}},"block_types":{"certs":{"nesting_mode":"list","block":{"attributes":{"active_verification_cert":{"type":"bool","description_kind":"plain","optional":true},"encryption_cert":{"type":"bool","description_kind":"plain","optional":true},"primary_verification_cert":{"type":"bool","description_kind":"plain","optional":true},"secondary_verification_cert":{"type":"bool","description_kind":"plain","optional":true}},"block_types":{"cert_view":{"nesting_mode":"list","block":{"attributes":{"crypto_provider":{"type":"string","description_kind":"plain","optional":true},"expires":{"type":"string","description_kind":"plain","optional":true},"id":{"type":"string","description_kind":"plain","optional":true},"issuer_dn":{"type":"string","description_kind":"plain","optional":true},"key_algorithm":{"type":"string","description_kind":"plain","optional":true},"key_size":{"type":"number","description_kind":"plain","optional":true},"serial_number":{"type":"string","description_kind":"plain","optional":true},"sha1_fingerprint":{"type":"string","description_kind":"plain","optional":true},"sha256_fingerprint":{"type":"string","description_kind":"plain","optional":true},"signature_algorithm":{"type":"string","description_kind":"plain","optional":true},"status":{"type":"string","description_kind":"plain","optional":true},"subject_alternative_names":{"type":["list","string"],"description_kind":"plain","optional":true},"subject_dn":{"type":"string","description_kind":"plain","optional":true},"valid_from":{"type":"string","description_kind":"plain","optional":true},"version":{"type":"number","description_kind":"plain","optional":true}},"description_kind":"plain"}},"x509_file":{"nesting_mode":"list","block":{"attributes":{"crypto_provider":{"type":"string","description_kind":"plain","optional":true},"file_data":{"type":"string","description_kind":"plain","required":true},"id":{"type":"string","description_kind":"plain","optional":true}},"description_kind":"plain"},"min_items":1}},"description_kind":"plain"}},"decryption_key_pair_ref":{"nesting_mode":"list","block":{"attributes":{"id":{"type":"string","description_kind":"plain","required":true},"location":{"type":"string","description_kind":"plain","computed":true}},"description_kind":"plain"},"max_items":1},"inbound_back_channel_auth":{"nesting_mode":"list","block":{"attributes":{"digital_signature":{"type":"bool","description_kind":"plain","optional":true},"require_ssl":{"type":"bool","description_kind":"plain","optional":true},"type":{"type":"string","description_kind":"plain","optional":true},"verification_issuer_dn":{"type":"string","description_kind":"plain","optional":true},"verification_subject_dn":{"type":"string","description_kind":"plain","optional":true}},"block_types":{"certs":{"nesting_mode":"list","block":{"attributes":{"active_verification_cert":{"type":"bool","description_kind":"plain","optional":true},"encryption_cert":{"type":"bool","description_kind":"plain","optional":true},"primary_verification_cert":{"type":"bool","description_kind":"plain","optional":true},"secondary_verification_cert":{"type":"bool","description_kind":"plain","optional":true}},"block_types":{"cert_view":{"nesting_mode":"list","block":{"attributes":{"crypto_provider":{"type":"string","description_kind":"plain","optional":true},"expires":{"type":"string","description_kind":"plain","optional":true},"id":{"type":"string","description_kind":"plain","optional":true},"issuer_dn":{"type":"string","description_kind":"plain","optional":true},"key_algorithm":{"type":"string","description_kind":"plain","optional":true},"key_size":{"type":"number","description_kind":"plain","optional":true},"serial_number":{"type":"string","description_kind":"plain","optional":true},"sha1_fingerprint":{"type":"string","description_kind":"plain","optional":true},"sha256_fingerprint":{"type":"string","description_kind":"plain","optional":true},"signature_algorithm":{"type":"string","description_kind":"plain","optional":true},"status":{"type":"string","description_kind":"plain","optional":true},"subject_alternative_names":{"type":["list","string"],"description_kind":"plain","optional":true},"subject_dn":{"type":"string","description_kind":"plain","optional":true},"valid_from":{"type":"string","description_kind":"plain","optional":true},"version":{"type":"number","description_kind":"plain","optional":true}},"description_kind":"plain"}},"x509_file":{"nesting_mode":"list","block":{"attributes":{"crypto_provider":{"type":"string","description_kind":"plain","optional":true},"file_data":{"type":"string","description_kind":"plain","required":true},"id":{"type":"string","description_kind":"plain","optional":true}},"description_kind":"plain"},"min_items":1}},"description_kind":"plain"}},"http_basic_credentials":{"nesting_mode":"list","block":{"attributes":{"encrypted_password":{"type":"string","description_kind":"plain","optional":true},"password":{"type":"string","description_kind":"plain","optional":true},"username":{"type":"string","description_kind":"plain","optional":true}},"description_kind":"plain"}}},"description_kind":"plain"}},"outbound_back_channel_auth":{"nesting_mode":"list","block":{"attributes":{"digital_signature":{"type":"bool","description_kind":"plain","optional":true},"type":{"type":"string","description_kind":"plain","optional":true},"validate_partner_cert":{"type":"bool","description_kind":"plain","optional":true}},"block_types":{"http_basic_credentials":{"nesting_mode":"list","block":{"attributes":{"encrypted_password":{"type":"string","description_kind":"plain","optional":true},"password":{"type":"string","description_kind":"plain","optional":true},"username":{"type":"string","description_kind":"plain","optional":true}},"description_kind":"plain"}},"ssl_auth_key_pair_ref":{"nesting_mode":"list","block":{"attributes":{"id":{"type":"string","description_kind":"plain","required":true},"location":{"type":"string","description_kind":"plain","computed":true}},"description_kind":"plain"},"max_items":1}},"description_kind":"plain"}},"secondary_decryption_key_pair_ref":{"nesting_mode":"list","block":{"attributes":{"id":{"type":"string","description_kind":"plain","required":true},"location":{"type":"string","description_kind":"plain","computed":true}},"description_kind":"plain"},"max_items":1},"signing_settings":{"nesting_mode":"list","block":{"attributes":{"algorithm":{"type":"string","description_kind":"plain","optional":true},"include_cert_in_signature":{"type":"bool","description_kind":"plain","optional":true},"include_raw_key_in_signature":{"type":"bool","description_kind":"plain","optional":true}},"block_types":{"signing_key_pair_ref":{"nesting_mode":"list","block":{"attributes":{"id":{"type":"string","description_kind":"plain","required":true},"location":{"type":"string","description_kind":"plain","computed":true}},"description_kind":"plain"},"min_items":1,"max_items":1}},"description_kind":"plain"}}},"description_kind":"plain"}},"extended_properties":{"nesting_mode":"set","block":{"attributes":{"key_name":{"type":"string","description_kind":"plain","required":true},"values":{"type":["set","string"],"description_kind":"plain","optional":true}},"description_kind":"plain"}},"metadata_reload_settings":{"nesting_mode":"list","block":{"attributes":{"enable_auto_metadata_update":{"type":"bool","description_kind":"plain","optional":true}},"block_types":{"metadata_url_ref":{"nesting_mode":"list","block":{"attributes":{"id":{"type":"string","description_kind":"plain","required":true},"location":{"type":"string","description_kind":"plain","computed":true}},"description_kind":"plain"},"min_items":1,"max_items":1}},"description_kind":"plain"}},"outbound_provision":{"nesting_mode":"list","block":{"attributes":{"type":{"type":"string","description_kind":"plain","required":true}},"block_types":{"channels":{"nesting_mode":"list","block":{"attributes":{"active":{"type":"bool","description_kind":"plain","required":true},"max_threads":{"type":"number","description_kind":"plain","required":true},"name":{"type":"string","description_kind":"plain","required":true},"timeout":{"type":"number","description_kind":"plain","required":true}},"block_types":{"attribute_mapping":{"nesting_mode":"list","block":{"attributes":{"field_name":{"type":"string","description_kind":"plain","required":true}},"block_types":{"saas_field_info":{"nesting_mode":"list","block":{"attributes":{"attribute_names":{"type":["list","string"],"description_kind":"plain","optional":true},"character_case":{"type":"string","description_kind":"plain","optional":true},"create_only":{"type":"bool","description_kind":"plain","optional":true},"default_value":{"type":"string","description_kind":"plain","optional":true},"expression":{"type":"string","description_kind":"plain","optional":true},"masked":{"type":"bool","description_kind":"plain","optional":true},"parser":{"type":"string","description_kind":"plain","optional":true},"trim":{"type":"bool","description_kind":"plain","optional":true}},"description_kind":"plain"},"min_items":1}},"description_kind":"plain"},"min_items":1},"channel_source":{"nesting_mode":"list","block":{"attributes":{"base_dn":{"type":"string","description_kind":"plain","required":true},"guid_attribute_name":{"type":"string","description_kind":"plain","required":true},"guid_binary":{"type":"bool","description_kind":"plain","required":true}},"block_types":{"account_management_settings":{"nesting_mode":"list","block":{"attributes":{"account_status_algorithm":{"type":"string","description_kind":"plain","required":true},"account_status_attribute_name":{"type":"string","description_kind":"plain","required":true},"default_status":{"type":"bool","description_kind":"plain","optional":true},"flag_comparison_status":{"type":"bool","description_kind":"plain","optional":true},"flag_comparison_value":{"type":"string","description_kind":"plain","optional":true}},"description_kind":"plain"},"min_items":1},"change_detection_settings":{"nesting_mode":"list","block":{"attributes":{"changed_users_algorithm":{"type":"string","description_kind":"plain","required":true},"group_object_class":{"type":"string","description_kind":"plain","required":true},"time_stamp_attribute_name":{"type":"string","description_kind":"plain","required":true},"user_object_class":{"type":"string","description_kind":"plain","required":true},"usn_attribute_name":{"type":"string","description_kind":"plain","optional":true}},"description_kind":"plain"},"min_items":1},"data_source":{"nesting_mode":"list","block":{"attributes":{"id":{"type":"string","description_kind":"plain","required":true},"location":{"type":"string","description_kind":"plain","computed":true}},"description_kind":"plain"},"min_items":1,"max_items":1},"group_membership_detection":{"nesting_mode":"list","block":{"attributes":{"group_member_attribute_name":{"type":"string","description_kind":"plain","required":true},"member_of_group_attribute_name":{"type":"string","description_kind":"plain","optional":true}},"description_kind":"plain"},"min_items":1},"group_source_location":{"nesting_mode":"list","block":{"attributes":{"filter":{"type":"string","description_kind":"plain","optional":true},"group_dn":{"type":"string","description_kind":"plain","optional":true},"nested_search":{"type":"bool","description_kind":"plain","optional":true}},"description_kind":"plain"}},"user_source_location":{"nesting_mode":"list","block":{"attributes":{"filter":{"type":"string","description_kind":"plain","optional":true},"group_dn":{"type":"string","description_kind":"plain","optional":true},"nested_search":{"type":"bool","description_kind":"plain","optional":true}},"description_kind":"plain"},"min_items":1}},"description_kind":"plain"},"min_items":1}},"description_kind":"plain"},"min_items":1},"custom_schema":{"nesting_mode":"list","block":{"attributes":{"namespace":{"type":"string","description_kind":"plain","optional":true}},"block_types":{"attributes":{"nesting_mode":"list","block":{"attributes":{"multi_valued":{"type":"bool","description_kind":"plain","optional":true},"name":{"type":"string","description_kind":"plain","optional":true},"sub_attributes":{"type":["list","string"],"description_kind":"plain","optional":true},"types":{"type":["list","string"],"description_kind":"plain","optional":true}},"description_kind":"plain"}}},"description_kind":"plain"}},"sensitive_target_settings":{"nesting_mode":"set","block":{"attributes":{"inherited":{"type":"bool","description_kind":"plain","optional":true},"name":{"type":"string","description_kind":"plain","required":true},"value":{"type":"string","description_kind":"plain","optional":true}},"description_kind":"plain"},"min_items":1},"target_settings":{"nesting_mode":"set","block":{"attributes":{"inherited":{"type":"bool","description_kind":"plain","optional":true},"name":{"type":"string","description_kind":"plain","required":true},"value":{"type":"string","description_kind":"plain","optional":true}},"description_kind":"plain"},"min_items":1}},"description_kind":"plain"}},"sp_browser_sso":{"nesting_mode":"list","block":{"attributes":{"default_target_url":{"type":"string","description_kind":"plain","optional":true},"enabled_profiles":{"type":["set","string"],"description_kind":"plain","optional":true},"incoming_bindings":{"type":["set","string"],"description_kind":"plain","optional":true},"protocol":{"type":"string","description_kind":"plain","required":true},"require_signed_authn_requests":{"type":"bool","description_kind":"plain","optional":true},"sign_assertions":{"type":"bool","description_kind":"plain","optional":true},"sign_response_as_required":{"type":"bool","description_kind":"plain","optional":true},"sp_saml_identity_mapping":{"type":"string","description_kind":"plain","optional":true},"sp_ws_fed_identity_mapping":{"type":"string","description_kind":"plain","optional":true},"ws_fed_token_type":{"type":"string","description_kind":"plain","optional":true},"ws_trust_version":{"type":"string","description_kind":"plain","optional":true}},"block_types":{"adapter_mappings":{"nesting_mode":"list","block":{"attributes":{"abort_sso_transaction_as_fail_safe":{"type":"bool","description_kind":"plain","optional":true},"restrict_virtual_entity_ids":{"type":"bool","description_kind":"plain","optional":true},"restricted_virtual_entity_ids":{"type":["list","string"],"description_kind":"plain","optional":true}},"block_types":{"adapter_override_settings":{"nesting_mode":"list","block":{"attributes":{"authn_ctx_class_ref":{"type":"string","description_kind":"plain","optional":true},"id":{"type":"string","description_kind":"plain","required":true},"name":{"type":"string","description_kind":"plain","required":true}},"block_types":{"attribute_contract":{"nesting_mode":"list","block":{"attributes":{"inherited":{"type":"bool","description_kind":"plain","optional":true},"mask_ognl_values":{"type":"bool","description_kind":"plain","optional":true}},"block_types":{"core_attributes":{"nesting_mode":"set","block":{"attributes":{"masked":{"type":"bool","description":"Specifies whether this attribute is masked in PingFederate logs. Defaults to false.","description_kind":"plain","optional":true},"name":{"type":"string","description":"The name of this attribute.","description_kind":"plain","required":true},"pseudonym":{"type":"bool","description":"Specifies whether this attribute is used to construct a pseudonym for the SP. Defaults to false.","description_kind":"plain","optional":true}},"description_kind":"plain"},"min_items":1},"extended_attributes":{"nesting_mode":"set","block":{"attributes":{"masked":{"type":"bool","description":"Specifies whether this attribute is masked in PingFederate logs. Defaults to false.","description_kind":"plain","optional":true},"name":{"type":"string","description":"The name of this attribute.","description_kind":"plain","required":true},"pseudonym":{"type":"bool","description":"Specifies whether this attribute is used to construct a pseudonym for the SP. Defaults to false.","description_kind":"plain","optional":true}},"description_kind":"plain"}}},"description_kind":"plain"}},"attribute_mapping":{"nesting_mode":"list","block":{"attributes":{"inherited":{"type":"bool","description_kind":"plain","optional":true}},"block_types":{"attribute_contract_fulfillment":{"nesting_mode":"set","block":{"attributes":{"key_name":{"type":"string","description_kind":"plain","required":true},"value":{"type":"string","description_kind":"plain","optional":true}},"block_types":{"source":{"nesting_mode":"list","block":{"attributes":{"id":{"type":"string","description_kind":"plain","optional":true},"type":{"type":"string","description_kind":"plain","required":true}},"description_kind":"plain"},"min_items":1,"max_items":1}},"description_kind":"plain"},"min_items":1},"custom_attribute_source":{"nesting_mode":"list","block":{"attributes":{"description":{"type":"string","description_kind":"plain","optional":true},"id":{"type":"string","description_kind":"plain","optional":true}},"block_types":{"attribute_contract_fulfillment":{"nesting_mode":"set","block":{"attributes":{"key_name":{"type":"string","description_kind":"plain","required":true},"value":{"type":"string","description_kind":"plain","optional":true}},"block_types":{"source":{"nesting_mode":"list","block":{"attributes":{"id":{"type":"string","description_kind":"plain","optional":true},"type":{"type":"string","description_kind":"plain","required":true}},"description_kind":"plain"},"min_items":1,"max_items":1}},"description_kind":"plain"}},"data_store_ref":{"nesting_mode":"list","block":{"attributes":{"id":{"type":"string","description_kind":"plain","required":true},"location":{"type":"string","description_kind":"plain","computed":true}},"description_kind":"plain"},"min_items":1,"max_items":1},"filter_fields":{"nesting_mode":"list","block":{"attributes":{"name":{"type":"string","description_kind":"plain","required":true},"value":{"type":"string","description_kind":"plain","optional":true}},"description_kind":"plain"},"min_items":1}},"description_kind":"plain"}},"issuance_criteria":{"nesting_mode":"list","block":{"block_types":{"conditional_criteria":{"nesting_mode":"list","block":{"attributes":{"attribute_name":{"type":"string","description_kind":"plain","required":true},"condition":{"type":"string","description_kind":"plain","required":true},"error_result":{"type":"string","description_kind":"plain","optional":true},"value":{"type":"string","description_kind":"plain","required":true}},"block_types":{"source":{"nesting_mode":"list","block":{"attributes":{"id":{"type":"string","description_kind":"plain","optional":true},"type":{"type":"string","description_kind":"plain","required":true}},"description_kind":"plain"},"min_items":1,"max_items":1}},"description_kind":"plain"}},"expression_criteria":{"nesting_mode":"list","block":{"attributes":{"error_result":{"type":"string","description_kind":"plain","optional":true},"expression":{"type":"string","description_kind":"plain","required":true}},"description_kind":"plain"}}},"description_kind":"plain"}},"jdbc_attribute_source":{"nesting_mode":"list","block":{"attributes":{"description":{"type":"string","description_kind":"plain","optional":true},"filter":{"type":"string","description_kind":"plain","required":true},"id":{"type":"string","description_kind":"plain","optional":true},"schema":{"type":"string","description_kind":"plain","optional":true},"table":{"type":"string","description_kind":"plain","required":true}},"block_types":{"attribute_contract_fulfillment":{"nesting_mode":"set","block":{"attributes":{"key_name":{"type":"string","description_kind":"plain","required":true},"value":{"type":"string","description_kind":"plain","optional":true}},"block_types":{"source":{"nesting_mode":"list","block":{"attributes":{"id":{"type":"string","description_kind":"plain","optional":true},"type":{"type":"string","description_kind":"plain","required":true}},"description_kind":"plain"},"min_items":1,"max_items":1}},"description_kind":"plain"}},"data_store_ref":{"nesting_mode":"list","block":{"attributes":{"id":{"type":"string","description_kind":"plain","required":true},"location":{"type":"string","description_kind":"plain","computed":true}},"description_kind":"plain"},"min_items":1,"max_items":1}},"description_kind":"plain"}},"ldap_attribute_source":{"nesting_mode":"list","block":{"attributes":{"base_dn":{"type":"string","description_kind":"plain","optional":true},"binary_attribute_settings":{"type":["map","string"],"description_kind":"plain","optional":true},"description":{"type":"string","description_kind":"plain","optional":true},"id":{"type":"string","description_kind":"plain","optional":true},"member_of_nested_group":{"type":"bool","description_kind":"plain","optional":true},"search_filter":{"type":"string","description_kind":"plain","required":true},"search_scope":{"type":"string","description_kind":"plain","required":true}},"block_types":{"attribute_contract_fulfillment":{"nesting_mode":"set","block":{"attributes":{"key_name":{"type":"string","description_kind":"plain","required":true},"value":{"type":"string","description_kind":"plain","optional":true}},"block_types":{"source":{"nesting_mode":"list","block":{"attributes":{"id":{"type":"string","description_kind":"plain","optional":true},"type":{"type":"string","description_kind":"plain","required":true}},"description_kind":"plain"},"min_items":1,"max_items":1}},"description_kind":"plain"}},"data_store_ref":{"nesting_mode":"list","block":{"attributes":{"id":{"type":"string","description_kind":"plain","required":true},"location":{"type":"string","description_kind":"plain","computed":true}},"description_kind":"plain"},"min_items":1,"max_items":1}},"description_kind":"plain"}}},"description_kind":"plain"}},"configuration":{"nesting_mode":"list","block":{"block_types":{"fields":{"nesting_mode":"set","block":{"attributes":{"inherited":{"type":"bool","description_kind":"plain","optional":true},"name":{"type":"string","description_kind":"plain","required":true},"value":{"type":"string","description_kind":"plain","optional":true}},"description_kind":"plain"}},"sensitive_fields":{"nesting_mode":"set","block":{"attributes":{"inherited":{"type":"bool","description_kind":"plain","optional":true},"name":{"type":"string","description_kind":"plain","required":true},"value":{"type":"string","description_kind":"plain","optional":true,"sensitive":true}},"description_kind":"plain"}},"tables":{"nesting_mode":"list","block":{"attributes":{"inherited":{"type":"bool","description_kind":"plain","optional":true},"name":{"type":"string","description_kind":"plain","required":true}},"block_types":{"rows":{"nesting_mode":"list","block":{"block_types":{"fields":{"nesting_mode":"set","block":{"attributes":{"inherited":{"type":"bool","description_kind":"plain","optional":true},"name":{"type":"string","description_kind":"plain","required":true},"value":{"type":"string","description_kind":"plain","optional":true}},"description_kind":"plain"}},"sensitive_fields":{"nesting_mode":"set","block":{"attributes":{"inherited":{"type":"bool","description_kind":"plain","optional":true},"name":{"type":"string","description_kind":"plain","required":true},"value":{"type":"string","description_kind":"plain","optional":true,"sensitive":true}},"description_kind":"plain"}}},"description_kind":"plain"}}},"description_kind":"plain"}}},"description_kind":"plain"},"max_items":1},"parent_ref":{"nesting_mode":"list","block":{"attributes":{"id":{"type":"string","description_kind":"plain","required":true},"location":{"type":"string","description_kind":"plain","computed":true}},"description_kind":"plain"},"min_items":1,"max_items":1},"plugin_descriptor_ref":{"nesting_mode":"list","block":{"attributes":{"id":{"type":"string","description_kind":"plain","required":true},"location":{"type":"string","description_kind":"plain","computed":true}},"description_kind":"plain"},"min_items":1,"max_items":1}},"description_kind":"plain"}},"attribute_contract_fulfillment":{"nesting_mode":"set","block":{"attributes":{"key_name":{"type":"string","description_kind":"plain","required":true},"value":{"type":"string","description_kind":"plain","optional":true}},"block_types":{"source":{"nesting_mode":"list","block":{"attributes":{"id":{"type":"string","description_kind":"plain","optional":true},"type":{"type":"string","description_kind":"plain","required":true}},"description_kind":"plain"},"min_items":1,"max_items":1}},"description_kind":"plain"},"min_items":1},"custom_attribute_source":{"nesting_mode":"list","block":{"attributes":{"description":{"type":"string","description_kind":"plain","optional":true},"id":{"type":"string","description_kind":"plain","optional":true}},"block_types":{"attribute_contract_fulfillment":{"nesting_mode":"set","block":{"attributes":{"key_name":{"type":"string","description_kind":"plain","required":true},"value":{"type":"string","description_kind":"plain","optional":true}},"block_types":{"source":{"nesting_mode":"list","block":{"attributes":{"id":{"type":"string","description_kind":"plain","optional":true},"type":{"type":"string","description_kind":"plain","required":true}},"description_kind":"plain"},"min_items":1,"max_items":1}},"description_kind":"plain"}},"data_store_ref":{"nesting_mode":"list","block":{"attributes":{"id":{"type":"string","description_kind":"plain","required":true},"location":{"type":"string","description_kind":"plain","computed":true}},"description_kind":"plain"},"min_items":1,"max_items":1},"filter_fields":{"nesting_mode":"list","block":{"attributes":{"name":{"type":"string","description_kind":"plain","required":true},"value":{"type":"string","description_kind":"plain","optional":true}},"description_kind":"plain"},"min_items":1}},"description_kind":"plain"}},"idp_adapter_ref":{"nesting_mode":"list","block":{"attributes":{"id":{"type":"string","description_kind":"plain","required":true},"location":{"type":"string","description_kind":"plain","computed":true}},"description_kind":"plain"},"min_items":1,"max_items":1},"issuance_criteria":{"nesting_mode":"list","block":{"block_types":{"conditional_criteria":{"nesting_mode":"list","block":{"attributes":{"attribute_name":{"type":"string","description_kind":"plain","required":true},"condition":{"type":"string","description_kind":"plain","required":true},"error_result":{"type":"string","description_kind":"plain","optional":true},"value":{"type":"string","description_kind":"plain","required":true}},"block_types":{"source":{"nesting_mode":"list","block":{"attributes":{"id":{"type":"string","description_kind":"plain","optional":true},"type":{"type":"string","description_kind":"plain","required":true}},"description_kind":"plain"},"min_items":1,"max_items":1}},"description_kind":"plain"}},"expression_criteria":{"nesting_mode":"list","block":{"attributes":{"error_result":{"type":"string","description_kind":"plain","optional":true},"expression":{"type":"string","description_kind":"plain","required":true}},"description_kind":"plain"}}},"description_kind":"plain"}},"jdbc_attribute_source":{"nesting_mode":"list","block":{"attributes":{"description":{"type":"string","description_kind":"plain","optional":true},"filter":{"type":"string","description_kind":"plain","required":true},"id":{"type":"string","description_kind":"plain","optional":true},"schema":{"type":"string","description_kind":"plain","optional":true},"table":{"type":"string","description_kind":"plain","required":true}},"block_types":{"attribute_contract_fulfillment":{"nesting_mode":"set","block":{"attributes":{"key_name":{"type":"string","description_kind":"plain","required":true},"value":{"type":"string","description_kind":"plain","optional":true}},"block_types":{"source":{"nesting_mode":"list","block":{"attributes":{"id":{"type":"string","description_kind":"plain","optional":true},"type":{"type":"string","description_kind":"plain","required":true}},"description_kind":"plain"},"min_items":1,"max_items":1}},"description_kind":"plain"}},"data_store_ref":{"nesting_mode":"list","block":{"attributes":{"id":{"type":"string","description_kind":"plain","required":true},"location":{"type":"string","description_kind":"plain","computed":true}},"description_kind":"plain"},"min_items":1,"max_items":1}},"description_kind":"plain"}},"ldap_attribute_source":{"nesting_mode":"list","block":{"attributes":{"base_dn":{"type":"string","description_kind":"plain","optional":true},"binary_attribute_settings":{"type":["map","string"],"description_kind":"plain","optional":true},"description":{"type":"string","description_kind":"plain","optional":true},"id":{"type":"string","description_kind":"plain","optional":true},"member_of_nested_group":{"type":"bool","description_kind":"plain","optional":true},"search_filter":{"type":"string","description_kind":"plain","required":true},"search_scope":{"type":"string","description_kind":"plain","required":true}},"block_types":{"attribute_contract_fulfillment":{"nesting_mode":"set","block":{"attributes":{"key_name":{"type":"string","description_kind":"plain","required":true},"value":{"type":"string","description_kind":"plain","optional":true}},"block_types":{"source":{"nesting_mode":"list","block":{"attributes":{"id":{"type":"string","description_kind":"plain","optional":true},"type":{"type":"string","description_kind":"plain","required":true}},"description_kind":"plain"},"min_items":1,"max_items":1}},"description_kind":"plain"}},"data_store_ref":{"nesting_mode":"list","block":{"attributes":{"id":{"type":"string","description_kind":"plain","required":true},"location":{"type":"string","description_kind":"plain","computed":true}},"description_kind":"plain"},"min_items":1,"max_items":1}},"description_kind":"plain"}}},"description_kind":"plain"}},"artifact":{"nesting_mode":"list","block":{"attributes":{"lifetime":{"type":"number","description_kind":"plain","required":true},"source_id":{"type":"string","description_kind":"plain","optional":true}},"block_types":{"resolver_locations":{"nesting_mode":"list","block":{"attributes":{"index":{"type":"number","description_kind":"plain","required":true},"url":{"type":"string","description_kind":"plain","required":true}},"description_kind":"plain"},"min_items":1}},"description_kind":"plain"}},"assertion_lifetime":{"nesting_mode":"list","block":{"attributes":{"minutes_after":{"type":"number","description_kind":"plain","required":true},"minutes_before":{"type":"number","description_kind":"plain","required":true}},"description_kind":"plain"}},"attribute_contract":{"nesting_mode":"list","block":{"block_types":{"core_attributes":{"nesting_mode":"list","block":{"attributes":{"name":{"type":"string","description_kind":"plain","required":true},"name_format":{"type":"string","description_kind":"plain","required":true}},"description_kind":"plain"}},"extended_attributes":{"nesting_mode":"list","block":{"attributes":{"name":{"type":"string","description_kind":"plain","required":true},"name_format":{"type":"string","description_kind":"plain","required":true}},"description_kind":"plain"}}},"description_kind":"plain"}},"authentication_policy_contract_assertion_mappings":{"nesting_mode":"list","block":{"attributes":{"abort_sso_transaction_as_fail_safe":{"type":"bool","description_kind":"plain","optional":true},"restrict_virtual_entity_ids":{"type":"bool","description_kind":"plain","optional":true},"restricted_virtual_entity_ids":{"type":["list","string"],"description_kind":"plain","optional":true}},"block_types":{"attribute_contract_fulfillment":{"nesting_mode":"set","block":{"attributes":{"key_name":{"type":"string","description_kind":"plain","required":true},"value":{"type":"string","description_kind":"plain","optional":true}},"block_types":{"source":{"nesting_mode":"list","block":{"attributes":{"id":{"type":"string","description_kind":"plain","optional":true},"type":{"type":"string","description_kind":"plain","required":true}},"description_kind":"plain"},"min_items":1,"max_items":1}},"description_kind":"plain"},"min_items":1},"authentication_policy_contract_ref":{"nesting_mode":"list","block":{"attributes":{"id":{"type":"string","description_kind":"plain","required":true},"location":{"type":"string","description_kind":"plain","computed":true}},"description_kind":"plain"},"min_items":1,"max_items":1},"custom_attribute_source":{"nesting_mode":"list","block":{"attributes":{"description":{"type":"string","description_kind":"plain","optional":true},"id":{"type":"string","description_kind":"plain","optional":true}},"block_types":{"attribute_contract_fulfillment":{"nesting_mode":"set","block":{"attributes":{"key_name":{"type":"string","description_kind":"plain","required":true},"value":{"type":"string","description_kind":"plain","optional":true}},"block_types":{"source":{"nesting_mode":"list","block":{"attributes":{"id":{"type":"string","description_kind":"plain","optional":true},"type":{"type":"string","description_kind":"plain","required":true}},"description_kind":"plain"},"min_items":1,"max_items":1}},"description_kind":"plain"}},"data_store_ref":{"nesting_mode":"list","block":{"attributes":{"id":{"type":"string","description_kind":"plain","required":true},"location":{"type":"string","description_kind":"plain","computed":true}},"description_kind":"plain"},"min_items":1,"max_items":1},"filter_fields":{"nesting_mode":"list","block":{"attributes":{"name":{"type":"string","description_kind":"plain","required":true},"value":{"type":"string","description_kind":"plain","optional":true}},"description_kind":"plain"},"min_items":1}},"description_kind":"plain"}},"issuance_criteria":{"nesting_mode":"list","block":{"block_types":{"conditional_criteria":{"nesting_mode":"list","block":{"attributes":{"attribute_name":{"type":"string","description_kind":"plain","required":true},"condition":{"type":"string","description_kind":"plain","required":true},"error_result":{"type":"string","description_kind":"plain","optional":true},"value":{"type":"string","description_kind":"plain","required":true}},"block_types":{"source":{"nesting_mode":"list","block":{"attributes":{"id":{"type":"string","description_kind":"plain","optional":true},"type":{"type":"string","description_kind":"plain","required":true}},"description_kind":"plain"},"min_items":1,"max_items":1}},"description_kind":"plain"}},"expression_criteria":{"nesting_mode":"list","block":{"attributes":{"error_result":{"type":"string","description_kind":"plain","optional":true},"expression":{"type":"string","description_kind":"plain","required":true}},"description_kind":"plain"}}},"description_kind":"plain"}},"jdbc_attribute_source":{"nesting_mode":"list","block":{"attributes":{"description":{"type":"string","description_kind":"plain","optional":true},"filter":{"type":"string","description_kind":"plain","required":true},"id":{"type":"string","description_kind":"plain","optional":true},"schema":{"type":"string","description_kind":"plain","optional":true},"table":{"type":"string","description_kind":"plain","required":true}},"block_types":{"attribute_contract_fulfillment":{"nesting_mode":"set","block":{"attributes":{"key_name":{"type":"string","description_kind":"plain","required":true},"value":{"type":"string","description_kind":"plain","optional":true}},"block_types":{"source":{"nesting_mode":"list","block":{"attributes":{"id":{"type":"string","description_kind":"plain","optional":true},"type":{"type":"string","description_kind":"plain","required":true}},"description_kind":"plain"},"min_items":1,"max_items":1}},"description_kind":"plain"}},"data_store_ref":{"nesting_mode":"list","block":{"attributes":{"id":{"type":"string","description_kind":"plain","required":true},"location":{"type":"string","description_kind":"plain","computed":true}},"description_kind":"plain"},"min_items":1,"max_items":1}},"description_kind":"plain"}},"ldap_attribute_source":{"nesting_mode":"list","block":{"attributes":{"base_dn":{"type":"string","description_kind":"plain","optional":true},"binary_attribute_settings":{"type":["map","string"],"description_kind":"plain","optional":true},"description":{"type":"string","description_kind":"plain","optional":true},"id":{"type":"string","description_kind":"plain","optional":true},"member_of_nested_group":{"type":"bool","description_kind":"plain","optional":true},"search_filter":{"type":"string","description_kind":"plain","required":true},"search_scope":{"type":"string","description_kind":"plain","required":true}},"block_types":{"attribute_contract_fulfillment":{"nesting_mode":"set","block":{"attributes":{"key_name":{"type":"string","description_kind":"plain","required":true},"value":{"type":"string","description_kind":"plain","optional":true}},"block_types":{"source":{"nesting_mode":"list","block":{"attributes":{"id":{"type":"string","description_kind":"plain","optional":true},"type":{"type":"string","description_kind":"plain","required":true}},"description_kind":"plain"},"min_items":1,"max_items":1}},"description_kind":"plain"}},"data_store_ref":{"nesting_mode":"list","block":{"attributes":{"id":{"type":"string","description_kind":"plain","required":true},"location":{"type":"string","description_kind":"plain","computed":true}},"description_kind":"plain"},"min_items":1,"max_items":1}},"description_kind":"plain"}}},"description_kind":"plain"}},"encryption_policy":{"nesting_mode":"list","block":{"attributes":{"encrypt_assertion":{"type":"bool","description_kind":"plain","optional":true},"encrypt_slo_subject_name_id":{"type":"bool","description_kind":"plain","optional":true},"encrypted_attributes":{"type":["list","string"],"description_kind":"plain","optional":true},"slo_subject_name_id_encrypted":{"type":"bool","description_kind":"plain","optional":true}},"description_kind":"plain"}},"message_customizations":{"nesting_mode":"list","block":{"attributes":{"context_name":{"type":"string","description_kind":"plain","optional":true},"message_expression":{"type":"string","description_kind":"plain","optional":true}},"description_kind":"plain"}},"slo_service_endpoints":{"nesting_mode":"list","block":{"attributes":{"binding":{"type":"string","description_kind":"plain","required":true},"response_url":{"type":"string","description_kind":"plain","optional":true},"url":{"type":"string","description_kind":"plain","required":true}},"description_kind":"plain"}},"sso_service_endpoints":{"nesting_mode":"list","block":{"attributes":{"binding":{"type":"string","description_kind":"plain","required":true},"index":{"type":"number","description_kind":"plain","required":true},"is_default":{"type":"bool","description_kind":"plain","optional":true},"url":{"type":"string","description_kind":"plain","required":true}},"description_kind":"plain"},"min_items":1},"url_whitelist_entries":{"nesting_mode":"list","block":{"attributes":{"allow_query_and_fragment":{"type":"bool","description_kind":"plain","optional":true},"require_https":{"type":"bool","description_kind":"plain","optional":true},"valid_domain":{"type":"string","description_kind":"plain","optional":true},"valid_path":{"type":"string","description_kind":"plain","optional":true}},"description_kind":"plain"}}},"description_kind":"plain"}},"ws_trust":{"nesting_mode":"list","block":{"attributes":{"abort_if_not_fulfilled_from_request":{"type":"bool","description_kind":"plain","optional":true},"default_token_type":{"type":"string","description_kind":"plain","optional":true},"encrypt_saml2_assertion":{"type":"bool","description_kind":"plain","optional":true},"generate_key":{"type":"bool","description_kind":"plain","optional":true},"minutes_after":{"type":"number","description_kind":"plain","optional":true},"minutes_before":{"type":"number","description_kind":"plain","optional":true},"o_auth_assertion_profiles":{"type":"bool","description_kind":"plain","optional":true},"partner_service_ids":{"type":["list","string"],"description_kind":"plain","required":true}},"block_types":{"attribute_contract":{"nesting_mode":"list","block":{"block_types":{"core_attributes":{"nesting_mode":"list","block":{"attributes":{"name":{"type":"string","description_kind":"plain","required":true},"namespace":{"type":"string","description_kind":"plain","required":true}},"description_kind":"plain"}},"extended_attributes":{"nesting_mode":"list","block":{"attributes":{"name":{"type":"string","description_kind":"plain","required":true},"namespace":{"type":"string","description_kind":"plain","required":true}},"description_kind":"plain"}}},"description_kind":"plain"},"min_items":1},"message_customizations":{"nesting_mode":"list","block":{"attributes":{"context_name":{"type":"string","description_kind":"plain","optional":true},"message_expression":{"type":"string","description_kind":"plain","optional":true}},"description_kind":"plain"}},"request_contract_ref":{"nesting_mode":"list","block":{"attributes":{"id":{"type":"string","description_kind":"plain","required":true},"location":{"type":"string","description_kind":"plain","computed":true}},"description_kind":"plain"},"min_items":1,"max_items":1},"token_processor_mappings":{"nesting_mode":"list","block":{"attributes":{"restricted_virtual_entity_ids":{"type":["list","string"],"description_kind":"plain","optional":true}},"block_types":{"attribute_contract_fulfillment":{"nesting_mode":"set","block":{"attributes":{"key_name":{"type":"string","description_kind":"plain","required":true},"value":{"type":"string","description_kind":"plain","optional":true}},"block_types":{"source":{"nesting_mode":"list","block":{"attributes":{"id":{"type":"string","description_kind":"plain","optional":true},"type":{"type":"string","description_kind":"plain","required":true}},"description_kind":"plain"},"min_items":1,"max_items":1}},"description_kind":"plain"},"min_items":1},"custom_attribute_source":{"nesting_mode":"list","block":{"attributes":{"description":{"type":"string","description_kind":"plain","optional":true},"id":{"type":"string","description_kind":"plain","optional":true}},"block_types":{"attribute_contract_fulfillment":{"nesting_mode":"set","block":{"attributes":{"key_name":{"type":"string","description_kind":"plain","required":true},"value":{"type":"string","description_kind":"plain","optional":true}},"block_types":{"source":{"nesting_mode":"list","block":{"attributes":{"id":{"type":"string","description_kind":"plain","optional":true},"type":{"type":"string","description_kind":"plain","required":true}},"description_kind":"plain"},"min_items":1,"max_items":1}},"description_kind":"plain"}},"data_store_ref":{"nesting_mode":"list","block":{"attributes":{"id":{"type":"string","description_kind":"plain","required":true},"location":{"type":"string","description_kind":"plain","computed":true}},"description_kind":"plain"},"min_items":1,"max_items":1},"filter_fields":{"nesting_mode":"list","block":{"attributes":{"name":{"type":"string","description_kind":"plain","required":true},"value":{"type":"string","description_kind":"plain","optional":true}},"description_kind":"plain"},"min_items":1}},"description_kind":"plain"}},"idp_token_processor_ref":{"nesting_mode":"list","block":{"attributes":{"id":{"type":"string","description_kind":"plain","required":true},"location":{"type":"string","description_kind":"plain","computed":true}},"description_kind":"plain"},"min_items":1,"max_items":1},"issuance_criteria":{"nesting_mode":"list","block":{"block_types":{"conditional_criteria":{"nesting_mode":"list","block":{"attributes":{"attribute_name":{"type":"string","description_kind":"plain","required":true},"condition":{"type":"string","description_kind":"plain","required":true},"error_result":{"type":"string","description_kind":"plain","optional":true},"value":{"type":"string","description_kind":"plain","required":true}},"block_types":{"source":{"nesting_mode":"list","block":{"attributes":{"id":{"type":"string","description_kind":"plain","optional":true},"type":{"type":"string","description_kind":"plain","required":true}},"description_kind":"plain"},"min_items":1,"max_items":1}},"description_kind":"plain"}},"expression_criteria":{"nesting_mode":"list","block":{"attributes":{"error_result":{"type":"string","description_kind":"plain","optional":true},"expression":{"type":"string","description_kind":"plain","required":true}},"description_kind":"plain"}}},"description_kind":"plain"}},"jdbc_attribute_source":{"nesting_mode":"list","block":{"attributes":{"description":{"type":"string","description_kind":"plain","optional":true},"filter":{"type":"string","description_kind":"plain","required":true},"id":{"type":"string","description_kind":"plain","optional":true},"schema":{"type":"string","description_kind":"plain","optional":true},"table":{"type":"string","description_kind":"plain","required":true}},"block_types":{"attribute_contract_fulfillment":{"nesting_mode":"set","block":{"attributes":{"key_name":{"type":"string","description_kind":"plain","required":true},"value":{"type":"string","description_kind":"plain","optional":true}},"block_types":{"source":{"nesting_mode":"list","block":{"attributes":{"id":{"type":"string","description_kind":"plain","optional":true},"type":{"type":"string","description_kind":"plain","required":true}},"description_kind":"plain"},"min_items":1,"max_items":1}},"description_kind":"plain"}},"data_store_ref":{"nesting_mode":"list","block":{"attributes":{"id":{"type":"string","description_kind":"plain","required":true},"location":{"type":"string","description_kind":"plain","computed":true}},"description_kind":"plain"},"min_items":1,"max_items":1}},"description_kind":"plain"}},"ldap_attribute_source":{"nesting_mode":"list","block":{"attributes":{"base_dn":{"type":"string","description_kind":"plain","optional":true},"binary_attribute_settings":{"type":["map","string"],"description_kind":"plain","optional":true},"description":{"type":"string","description_kind":"plain","optional":true},"id":{"type":"string","description_kind":"plain","optional":true},"member_of_nested_group":{"type":"bool","description_kind":"plain","optional":true},"search_filter":{"type":"string","description_kind":"plain","required":true},"search_scope":{"type":"string","description_kind":"plain","required":true}},"block_types":{"attribute_contract_fulfillment":{"nesting_mode":"set","block":{"attributes":{"key_name":{"type":"string","description_kind":"plain","required":true},"value":{"type":"string","description_kind":"plain","optional":true}},"block_types":{"source":{"nesting_mode":"list","block":{"attributes":{"id":{"type":"string","description_kind":"plain","optional":true},"type":{"type":"string","description_kind":"plain","required":true}},"description_kind":"plain"},"min_items":1,"max_items":1}},"description_kind":"plain"}},"data_store_ref":{"nesting_mode":"list","block":{"attributes":{"id":{"type":"string","description_kind":"plain","required":true},"location":{"type":"string","description_kind":"plain","computed":true}},"description_kind":"plain"},"min_items":1,"max_items":1}},"description_kind":"plain"}}},"description_kind":"plain"},"min_items":1}},"description_kind":"plain"}}},"description_kind":"plain"}},"pingfederate_jdbc_data_store":{"version":0,"block":{"attributes":{"allow_multi_value_attributes":{"type":"bool","description_kind":"plain","optional":true},"blocking_timeout":{"type":"number","description_kind":"plain","optional":true},"connection_url":{"type":"string","description_kind":"plain","required":true},"driver_class":{"type":"string","description_kind":"plain","required":true},"encrypted_password":{"type":"string","description_kind":"plain","optional":true},"id":{"type":"string","description_kind":"plain","optional":true,"computed":true},"idle_timeout":{"type":"number","description_kind":"plain","optional":true},"mask_attribute_values":{"type":"bool","description_kind":"plain","optional":true},"max_pool_size":{"type":"number","description_kind":"plain","optional":true},"min_pool_size":{"type":"number","description_kind":"plain","optional":true},"name":{"type":"string","description_kind":"plain","optional":true},"password":{"type":"string","description_kind":"plain","optional":true,"sensitive":true},"user_name":{"type":"string","description_kind":"plain","required":true},"validate_connection_sql":{"type":"string","description_kind":"plain","optional":true}},"block_types":{"connection_url_tags":{"nesting_mode":"set","block":{"attributes":{"connection_url":{"type":"string","description_kind":"plain","required":true},"default_source":{"type":"bool","description_kind":"plain","optional":true},"tags":{"type":"string","description_kind":"plain","optional":true}},"description_kind":"plain"}}},"description_kind":"plain"}},"pingfederate_kerberos_realm":{"version":0,"block":{"attributes":{"id":{"type":"string","description_kind":"plain","optional":true,"computed":true},"kerberos_encrypted_password":{"type":"string","description_kind":"plain","optional":true,"computed":true},"kerberos_password":{"type":"string","description_kind":"plain","optional":true,"sensitive":true},"kerberos_realm_name":{"type":"string","description_kind":"plain","required":true},"kerberos_username":{"type":"string","description_kind":"plain","required":true},"key_distribution_centers":{"type":["set","string"],"description_kind":"plain","optional":true},"realm_id":{"type":"string","description_kind":"plain","optional":true,"computed":true},"suppress_domain_name_concatenation":{"type":"bool","description_kind":"plain","optional":true}},"description_kind":"plain"}},"pingfederate_keypair_signing":{"version":0,"block":{"attributes":{"city":{"type":"string","description_kind":"plain","optional":true},"common_name":{"type":"string","description_kind":"plain","optional":true},"country":{"type":"string","description_kind":"plain","optional":true},"crypto_provider":{"type":"string","description_kind":"plain","optional":true},"expires":{"type":"string","description_kind":"plain","computed":true},"file_data":{"type":"string","description_kind":"plain","optional":true},"id":{"type":"string","description_kind":"plain","optional":true,"computed":true},"issuer_dn":{"type":"string","description_kind":"plain","computed":true},"key_algorithm":{"type":"string","description_kind":"plain","optional":true},"key_size":{"type":"number","description_kind":"plain","optional":true},"keypair_id":{"type":"string","description_kind":"plain","optional":true,"computed":true},"organization":{"type":"string","description_kind":"plain","optional":true},"organization_unit":{"type":"string","description_kind":"plain","optional":true},"password":{"type":"string","description_kind":"plain","optional":true,"sensitive":true},"serial_number":{"type":"string","description_kind":"plain","computed":true},"sha1_fingerprint":{"type":"string","description_kind":"plain","computed":true},"sha256_fingerprint":{"type":"string","description_kind":"plain","computed":true},"signature_algorithm":{"type":"string","description_kind":"plain","computed":true},"state":{"type":"string","description_kind":"plain","optional":true},"status":{"type":"string","description_kind":"plain","computed":true},"subject_alternative_names":{"type":["set","string"],"description_kind":"plain","optional":true,"computed":true},"subject_cn":{"type":"string","description_kind":"plain","computed":true},"subject_dn":{"type":"string","description_kind":"plain","computed":true},"valid_days":{"type":"number","description_kind":"plain","optional":true},"valid_from":{"type":"string","description_kind":"plain","computed":true},"version":{"type":"number","description_kind":"plain","computed":true}},"description_kind":"plain"}},"pingfederate_keypair_signing_csr":{"version":0,"block":{"attributes":{"file_data":{"type":"string","description_kind":"plain","required":true},"id":{"type":"string","description_kind":"plain","optional":true,"computed":true},"keypair_id":{"type":"string","description_kind":"plain","required":true}},"description_kind":"plain"}},"pingfederate_keypair_ssl_server":{"version":0,"block":{"attributes":{"city":{"type":"string","description_kind":"plain","optional":true},"common_name":{"type":"string","description_kind":"plain","optional":true},"country":{"type":"string","description_kind":"plain","optional":true},"crypto_provider":{"type":"string","description_kind":"plain","optional":true},"expires":{"type":"string","description_kind":"plain","computed":true},"file_data":{"type":"string","description_kind":"plain","optional":true},"id":{"type":"string","description_kind":"plain","optional":true,"computed":true},"issuer_dn":{"type":"string","description_kind":"plain","computed":true},"key_algorithm":{"type":"string","description_kind":"plain","optional":true},"key_size":{"type":"number","description_kind":"plain","optional":true},"keypair_id":{"type":"string","description_kind":"plain","optional":true,"computed":true},"organization":{"type":"string","description_kind":"plain","optional":true},"organization_unit":{"type":"string","description_kind":"plain","optional":true},"password":{"type":"string","description_kind":"plain","optional":true,"sensitive":true},"serial_number":{"type":"string","description_kind":"plain","computed":true},"sha1_fingerprint":{"type":"string","description_kind":"plain","computed":true},"sha256_fingerprint":{"type":"string","description_kind":"plain","computed":true},"signature_algorithm":{"type":"string","description_kind":"plain","computed":true},"state":{"type":"string","description_kind":"plain","optional":true},"status":{"type":"string","description_kind":"plain","computed":true},"subject_alternative_names":{"type":["set","string"],"description_kind":"plain","optional":true,"computed":true},"subject_cn":{"type":"string","description_kind":"plain","computed":true},"subject_dn":{"type":"string","description_kind":"plain","computed":true},"valid_days":{"type":"number","description_kind":"plain","optional":true},"valid_from":{"type":"string","description_kind":"plain","computed":true},"version":{"type":"number","description_kind":"plain","computed":true}},"description_kind":"plain"}},"pingfederate_keypair_ssl_server_csr":{"version":0,"block":{"attributes":{"file_data":{"type":"string","description_kind":"plain","required":true},"id":{"type":"string","description_kind":"plain","optional":true,"computed":true},"keypair_id":{"type":"string","description_kind":"plain","required":true}},"description_kind":"plain"}},"pingfederate_keypair_ssl_server_settings":{"version":0,"block":{"attributes":{"active_admin_server_certs":{"type":["set","string"],"description_kind":"plain","required":true},"active_runtime_server_certs":{"type":["set","string"],"description_kind":"plain","required":true},"admin_server_cert":{"type":"string","description_kind":"plain","required":true},"id":{"type":"string","description_kind":"plain","optional":true,"computed":true},"runtime_server_cert":{"type":"string","description_kind":"plain","required":true}},"description_kind":"plain"}},"pingfederate_ldap_data_store":{"version":0,"block":{"attributes":{"binary_attributes":{"type":["set","string"],"description_kind":"plain","optional":true},"bind_anonymously":{"type":"bool","description_kind":"plain","optional":true},"connection_timeout":{"type":"number","description_kind":"plain","optional":true},"create_if_necessary":{"type":"bool","description_kind":"plain","optional":true},"dns_ttl":{"type":"number","description_kind":"plain","optional":true},"encrypted_password":{"type":"string","description_kind":"plain","optional":true,"computed":true},"follow_ldap_referrals":{"type":"bool","description_kind":"plain","optional":true},"hostnames":{"type":["set","string"],"description_kind":"plain","optional":true},"id":{"type":"string","description_kind":"plain","optional":true,"computed":true},"ldap_dns_srv_prefix":{"type":"string","description_kind":"plain","optional":true},"ldap_type":{"type":"string","description_kind":"plain","required":true},"ldaps_dns_srv_prefix":{"type":"string","description_kind":"plain","optional":true},"mask_attribute_values":{"type":"bool","description_kind":"plain","optional":true},"max_connections":{"type":"number","description_kind":"plain","optional":true},"max_wait":{"type":"number","description_kind":"plain","optional":true},"min_connections":{"type":"number","description_kind":"plain","optional":true},"name":{"type":"string","description_kind":"plain","optional":true},"password":{"type":"string","description_kind":"plain","optional":true,"sensitive":true},"read_timeout":{"type":"number","description_kind":"plain","optional":true},"test_on_borrow":{"type":"bool","description_kind":"plain","optional":true},"test_on_return":{"type":"bool","description_kind":"plain","optional":true},"time_between_evictions":{"type":"number","description_kind":"plain","optional":true},"use_dns_srv_records":{"type":"bool","description_kind":"plain","optional":true},"use_ssl":{"type":"bool","description_kind":"plain","optional":true},"user_dn":{"type":"string","description_kind":"plain","optional":true},"verify_host":{"type":"bool","description_kind":"plain","optional":true}},"block_types":{"hostnames_tags":{"nesting_mode":"list","block":{"attributes":{"default_source":{"type":"bool","description_kind":"plain","optional":true},"hostnames":{"type":["set","string"],"description_kind":"plain","required":true},"tags":{"type":"string","description_kind":"plain","optional":true}},"description_kind":"plain"}}},"description_kind":"plain"}},"pingfederate_notification_publisher":{"version":0,"block":{"attributes":{"id":{"type":"string","description_kind":"plain","optional":true,"computed":true},"name":{"type":"string","description_kind":"plain","required":true},"publisher_id":{"type":"string","description_kind":"plain","required":true}},"block_types":{"configuration":{"nesting_mode":"list","block":{"block_types":{"fields":{"nesting_mode":"set","block":{"attributes":{"inherited":{"type":"bool","description_kind":"plain","optional":true},"name":{"type":"string","description_kind":"plain","required":true},"value":{"type":"string","description_kind":"plain","optional":true}},"description_kind":"plain"}},"sensitive_fields":{"nesting_mode":"set","block":{"attributes":{"inherited":{"type":"bool","description_kind":"plain","optional":true},"name":{"type":"string","description_kind":"plain","required":true},"value":{"type":"string","description_kind":"plain","optional":true,"sensitive":true}},"description_kind":"plain"}},"tables":{"nesting_mode":"list","block":{"attributes":{"inherited":{"type":"bool","description_kind":"plain","optional":true},"name":{"type":"string","description_kind":"plain","required":true}},"block_types":{"rows":{"nesting_mode":"list","block":{"block_types":{"fields":{"nesting_mode":"set","block":{"attributes":{"inherited":{"type":"bool","description_kind":"plain","optional":true},"name":{"type":"string","description_kind":"plain","required":true},"value":{"type":"string","description_kind":"plain","optional":true}},"description_kind":"plain"}},"sensitive_fields":{"nesting_mode":"set","block":{"attributes":{"inherited":{"type":"bool","description_kind":"plain","optional":true},"name":{"type":"string","description_kind":"plain","required":true},"value":{"type":"string","description_kind":"plain","optional":true,"sensitive":true}},"description_kind":"plain"}}},"description_kind":"plain"}}},"description_kind":"plain"}}},"description_kind":"plain"},"max_items":1},"parent_ref":{"nesting_mode":"list","block":{"attributes":{"id":{"type":"string","description_kind":"plain","required":true},"location":{"type":"string","description_kind":"plain","computed":true}},"description_kind":"plain"},"max_items":1},"plugin_descriptor_ref":{"nesting_mode":"list","block":{"attributes":{"id":{"type":"string","description_kind":"plain","required":true},"location":{"type":"string","description_kind":"plain","computed":true}},"description_kind":"plain"},"min_items":1,"max_items":1}},"description_kind":"plain"}},"pingfederate_oauth_access_token_manager":{"version":0,"block":{"attributes":{"id":{"type":"string","description_kind":"plain","optional":true,"computed":true},"instance_id":{"type":"string","description_kind":"plain","required":true},"name":{"type":"string","description_kind":"plain","required":true}},"block_types":{"attribute_contract":{"nesting_mode":"list","block":{"attributes":{"core_attributes":{"type":["list","string"],"description_kind":"plain","computed":true},"extended_attributes":{"type":["set","string"],"description_kind":"plain","optional":true}},"description_kind":"plain"},"min_items":1,"max_items":1},"configuration":{"nesting_mode":"list","block":{"block_types":{"fields":{"nesting_mode":"set","block":{"attributes":{"inherited":{"type":"bool","description_kind":"plain","optional":true},"name":{"type":"string","description_kind":"plain","required":true},"value":{"type":"string","description_kind":"plain","optional":true}},"description_kind":"plain"}},"sensitive_fields":{"nesting_mode":"set","block":{"attributes":{"inherited":{"type":"bool","description_kind":"plain","optional":true},"name":{"type":"string","description_kind":"plain","required":true},"value":{"type":"string","description_kind":"plain","optional":true,"sensitive":true}},"description_kind":"plain"}},"tables":{"nesting_mode":"list","block":{"attributes":{"inherited":{"type":"bool","description_kind":"plain","optional":true},"name":{"type":"string","description_kind":"plain","required":true}},"block_types":{"rows":{"nesting_mode":"list","block":{"block_types":{"fields":{"nesting_mode":"set","block":{"attributes":{"inherited":{"type":"bool","description_kind":"plain","optional":true},"name":{"type":"string","description_kind":"plain","required":true},"value":{"type":"string","description_kind":"plain","optional":true}},"description_kind":"plain"}},"sensitive_fields":{"nesting_mode":"set","block":{"attributes":{"inherited":{"type":"bool","description_kind":"plain","optional":true},"name":{"type":"string","description_kind":"plain","required":true},"value":{"type":"string","description_kind":"plain","optional":true,"sensitive":true}},"description_kind":"plain"}}},"description_kind":"plain"}}},"description_kind":"plain"}}},"description_kind":"plain"},"max_items":1},"parent_ref":{"nesting_mode":"list","block":{"attributes":{"id":{"type":"string","description_kind":"plain","required":true},"location":{"type":"string","description_kind":"plain","computed":true}},"description_kind":"plain"},"max_items":1},"plugin_descriptor_ref":{"nesting_mode":"list","block":{"attributes":{"id":{"type":"string","description_kind":"plain","required":true},"location":{"type":"string","description_kind":"plain","computed":true}},"description_kind":"plain"},"max_items":1},"selection_settings":{"nesting_mode":"set","block":{"attributes":{"inherited":{"type":"bool","description_kind":"plain","optional":true},"resource_uris":{"type":["list","string"],"description_kind":"plain","optional":true}},"description_kind":"plain"},"max_items":1},"session_validation_settings":{"nesting_mode":"list","block":{"attributes":{"check_session_revocation_status":{"type":"bool","description_kind":"plain","optional":true},"check_valid_authn_session":{"type":"bool","description_kind":"plain","optional":true},"inherited":{"type":"bool","description_kind":"plain","optional":true},"update_authn_session_activity":{"type":"bool","description_kind":"plain","optional":true}},"description_kind":"plain"},"max_items":1}},"description_kind":"plain"}},"pingfederate_oauth_access_token_mappings":{"version":0,"block":{"attributes":{"id":{"type":"string","description_kind":"plain","optional":true,"computed":true}},"block_types":{"access_token_manager_ref":{"nesting_mode":"list","block":{"attributes":{"id":{"type":"string","description_kind":"plain","required":true},"location":{"type":"string","description_kind":"plain","computed":true}},"description_kind":"plain"},"min_items":1,"max_items":1},"attribute_contract_fulfillment":{"nesting_mode":"set","block":{"attributes":{"key_name":{"type":"string","description_kind":"plain","required":true},"value":{"type":"string","description_kind":"plain","optional":true}},"block_types":{"source":{"nesting_mode":"list","block":{"attributes":{"id":{"type":"string","description_kind":"plain","optional":true},"type":{"type":"string","description_kind":"plain","required":true}},"description_kind":"plain"},"min_items":1,"max_items":1}},"description_kind":"plain"},"min_items":1},"context":{"nesting_mode":"list","block":{"attributes":{"type":{"type":"string","description_kind":"plain","required":true}},"block_types":{"context_ref":{"nesting_mode":"list","block":{"attributes":{"id":{"type":"string","description_kind":"plain","required":true},"location":{"type":"string","description_kind":"plain","computed":true}},"description_kind":"plain"},"max_items":1}},"description_kind":"plain"},"min_items":1,"max_items":1},"custom_attribute_source":{"nesting_mode":"list","block":{"attributes":{"description":{"type":"string","description_kind":"plain","optional":true},"id":{"type":"string","description_kind":"plain","optional":true}},"block_types":{"attribute_contract_fulfillment":{"nesting_mode":"set","block":{"attributes":{"key_name":{"type":"string","description_kind":"plain","required":true},"value":{"type":"string","description_kind":"plain","optional":true}},"block_types":{"source":{"nesting_mode":"list","block":{"attributes":{"id":{"type":"string","description_kind":"plain","optional":true},"type":{"type":"string","description_kind":"plain","required":true}},"description_kind":"plain"},"min_items":1,"max_items":1}},"description_kind":"plain"}},"data_store_ref":{"nesting_mode":"list","block":{"attributes":{"id":{"type":"string","description_kind":"plain","required":true},"location":{"type":"string","description_kind":"plain","computed":true}},"description_kind":"plain"},"min_items":1,"max_items":1},"filter_fields":{"nesting_mode":"list","block":{"attributes":{"name":{"type":"string","description_kind":"plain","required":true},"value":{"type":"string","description_kind":"plain","optional":true}},"description_kind":"plain"},"min_items":1}},"description_kind":"plain"}},"issuance_criteria":{"nesting_mode":"list","block":{"block_types":{"conditional_criteria":{"nesting_mode":"list","block":{"attributes":{"attribute_name":{"type":"string","description_kind":"plain","required":true},"condition":{"type":"string","description_kind":"plain","required":true},"error_result":{"type":"string","description_kind":"plain","optional":true},"value":{"type":"string","description_kind":"plain","required":true}},"block_types":{"source":{"nesting_mode":"list","block":{"attributes":{"id":{"type":"string","description_kind":"plain","optional":true},"type":{"type":"string","description_kind":"plain","required":true}},"description_kind":"plain"},"min_items":1,"max_items":1}},"description_kind":"plain"}},"expression_criteria":{"nesting_mode":"list","block":{"attributes":{"error_result":{"type":"string","description_kind":"plain","optional":true},"expression":{"type":"string","description_kind":"plain","required":true}},"description_kind":"plain"}}},"description_kind":"plain"},"max_items":1},"jdbc_attribute_source":{"nesting_mode":"list","block":{"attributes":{"description":{"type":"string","description_kind":"plain","optional":true},"filter":{"type":"string","description_kind":"plain","required":true},"id":{"type":"string","description_kind":"plain","optional":true},"schema":{"type":"string","description_kind":"plain","optional":true},"table":{"type":"string","description_kind":"plain","required":true}},"block_types":{"attribute_contract_fulfillment":{"nesting_mode":"set","block":{"attributes":{"key_name":{"type":"string","description_kind":"plain","required":true},"value":{"type":"string","description_kind":"plain","optional":true}},"block_types":{"source":{"nesting_mode":"list","block":{"attributes":{"id":{"type":"string","description_kind":"plain","optional":true},"type":{"type":"string","description_kind":"plain","required":true}},"description_kind":"plain"},"min_items":1,"max_items":1}},"description_kind":"plain"}},"data_store_ref":{"nesting_mode":"list","block":{"attributes":{"id":{"type":"string","description_kind":"plain","required":true},"location":{"type":"string","description_kind":"plain","computed":true}},"description_kind":"plain"},"min_items":1,"max_items":1}},"description_kind":"plain"}},"ldap_attribute_source":{"nesting_mode":"list","block":{"attributes":{"base_dn":{"type":"string","description_kind":"plain","optional":true},"binary_attribute_settings":{"type":["map","string"],"description_kind":"plain","optional":true},"description":{"type":"string","description_kind":"plain","optional":true},"id":{"type":"string","description_kind":"plain","optional":true},"member_of_nested_group":{"type":"bool","description_kind":"plain","optional":true},"search_filter":{"type":"string","description_kind":"plain","required":true},"search_scope":{"type":"string","description_kind":"plain","required":true}},"block_types":{"attribute_contract_fulfillment":{"nesting_mode":"set","block":{"attributes":{"key_name":{"type":"string","description_kind":"plain","required":true},"value":{"type":"string","description_kind":"plain","optional":true}},"block_types":{"source":{"nesting_mode":"list","block":{"attributes":{"id":{"type":"string","description_kind":"plain","optional":true},"type":{"type":"string","description_kind":"plain","required":true}},"description_kind":"plain"},"min_items":1,"max_items":1}},"description_kind":"plain"}},"data_store_ref":{"nesting_mode":"list","block":{"attributes":{"id":{"type":"string","description_kind":"plain","required":true},"location":{"type":"string","description_kind":"plain","computed":true}},"description_kind":"plain"},"min_items":1,"max_items":1}},"description_kind":"plain"}}},"description_kind":"plain"}},"pingfederate_oauth_auth_server_settings":{"version":0,"block":{"attributes":{"allow_unidentified_client_extension_grants":{"type":"bool","description_kind":"plain","optional":true},"allow_unidentified_client_ro_creds":{"type":"bool","description_kind":"plain","optional":true},"allowed_origins":{"type":["set","string"],"description_kind":"plain","optional":true},"authorization_code_entropy":{"type":"number","description_kind":"plain","required":true},"authorization_code_timeout":{"type":"number","description_kind":"plain","required":true},"bypass_authorization_for_approved_grants":{"type":"bool","description_kind":"plain","optional":true},"default_scope_description":{"type":"string","description_kind":"plain","required":true},"id":{"type":"string","description_kind":"plain","optional":true,"computed":true},"persistent_grant_lifetime":{"type":"number","description_kind":"plain","optional":true},"persistent_grant_lifetime_unit":{"type":"string","description_kind":"plain","optional":true},"persistent_grant_reuse_grant_types":{"type":["set","string"],"description_kind":"plain","optional":true},"refresh_rolling_interval":{"type":"number","description_kind":"plain","required":true},"refresh_token_length":{"type":"number","description_kind":"plain","required":true},"roll_refresh_token_values":{"type":"bool","description_kind":"plain","optional":true},"token_endpoint_base_url":{"type":"string","description_kind":"plain","optional":true},"track_user_sessions_for_logout":{"type":"bool","description_kind":"plain","optional":true}},"block_types":{"admin_web_service_pcv_ref":{"nesting_mode":"list","block":{"attributes":{"id":{"type":"string","description_kind":"plain","required":true},"location":{"type":"string","description_kind":"plain","computed":true}},"description_kind":"plain"},"max_items":1},"exclusive_scope_groups":{"nesting_mode":"set","block":{"attributes":{"description":{"type":"string","description_kind":"plain","required":true},"name":{"type":"string","description_kind":"plain","required":true},"scopes":{"type":["list","string"],"description_kind":"plain","required":true}},"description_kind":"plain"}},"exclusive_scopes":{"nesting_mode":"set","block":{"attributes":{"description":{"type":"string","description_kind":"plain","required":true},"name":{"type":"string","description_kind":"plain","required":true}},"description_kind":"plain"}},"persistent_grant_contract":{"nesting_mode":"set","block":{"attributes":{"core_attributes":{"type":["list","string"],"description_kind":"plain","computed":true},"extended_attributes":{"type":["list","string"],"description_kind":"plain","optional":true}},"description_kind":"plain"},"max_items":1},"scope_groups":{"nesting_mode":"set","block":{"attributes":{"description":{"type":"string","description_kind":"plain","required":true},"name":{"type":"string","description_kind":"plain","required":true},"scopes":{"type":["list","string"],"description_kind":"plain","required":true}},"description_kind":"plain"}},"scopes":{"nesting_mode":"set","block":{"attributes":{"description":{"type":"string","description_kind":"plain","required":true},"name":{"type":"string","description_kind":"plain","required":true}},"description_kind":"plain"}}},"description_kind":"plain"}},"pingfederate_oauth_authentication_policy_contract_mapping":{"version":0,"block":{"attributes":{"id":{"type":"string","description_kind":"plain","optional":true,"computed":true}},"block_types":{"attribute_contract_fulfillment":{"nesting_mode":"set","block":{"attributes":{"key_name":{"type":"string","description_kind":"plain","required":true},"value":{"type":"string","description_kind":"plain","optional":true}},"block_types":{"source":{"nesting_mode":"list","block":{"attributes":{"id":{"type":"string","description_kind":"plain","optional":true},"type":{"type":"string","description_kind":"plain","required":true}},"description_kind":"plain"},"min_items":1,"max_items":1}},"description_kind":"plain"},"min_items":1},"authentication_policy_contract_ref":{"nesting_mode":"list","block":{"attributes":{"id":{"type":"string","description_kind":"plain","required":true},"location":{"type":"string","description_kind":"plain","computed":true}},"description_kind":"plain"},"max_items":1},"custom_attribute_source":{"nesting_mode":"list","block":{"attributes":{"description":{"type":"string","description_kind":"plain","optional":true},"id":{"type":"string","description_kind":"plain","optional":true}},"block_types":{"attribute_contract_fulfillment":{"nesting_mode":"set","block":{"attributes":{"key_name":{"type":"string","description_kind":"plain","required":true},"value":{"type":"string","description_kind":"plain","optional":true}},"block_types":{"source":{"nesting_mode":"list","block":{"attributes":{"id":{"type":"string","description_kind":"plain","optional":true},"type":{"type":"string","description_kind":"plain","required":true}},"description_kind":"plain"},"min_items":1,"max_items":1}},"description_kind":"plain"}},"data_store_ref":{"nesting_mode":"list","block":{"attributes":{"id":{"type":"string","description_kind":"plain","required":true},"location":{"type":"string","description_kind":"plain","computed":true}},"description_kind":"plain"},"min_items":1,"max_items":1},"filter_fields":{"nesting_mode":"list","block":{"attributes":{"name":{"type":"string","description_kind":"plain","required":true},"value":{"type":"string","description_kind":"plain","optional":true}},"description_kind":"plain"},"min_items":1}},"description_kind":"plain"}},"issuance_criteria":{"nesting_mode":"list","block":{"block_types":{"conditional_criteria":{"nesting_mode":"list","block":{"attributes":{"attribute_name":{"type":"string","description_kind":"plain","required":true},"condition":{"type":"string","description_kind":"plain","required":true},"error_result":{"type":"string","description_kind":"plain","optional":true},"value":{"type":"string","description_kind":"plain","required":true}},"block_types":{"source":{"nesting_mode":"list","block":{"attributes":{"id":{"type":"string","description_kind":"plain","optional":true},"type":{"type":"string","description_kind":"plain","required":true}},"description_kind":"plain"},"min_items":1,"max_items":1}},"description_kind":"plain"}},"expression_criteria":{"nesting_mode":"list","block":{"attributes":{"error_result":{"type":"string","description_kind":"plain","optional":true},"expression":{"type":"string","description_kind":"plain","required":true}},"description_kind":"plain"}}},"description_kind":"plain"},"max_items":1},"jdbc_attribute_source":{"nesting_mode":"list","block":{"attributes":{"description":{"type":"string","description_kind":"plain","optional":true},"filter":{"type":"string","description_kind":"plain","required":true},"id":{"type":"string","description_kind":"plain","optional":true},"schema":{"type":"string","description_kind":"plain","optional":true},"table":{"type":"string","description_kind":"plain","required":true}},"block_types":{"attribute_contract_fulfillment":{"nesting_mode":"set","block":{"attributes":{"key_name":{"type":"string","description_kind":"plain","required":true},"value":{"type":"string","description_kind":"plain","optional":true}},"block_types":{"source":{"nesting_mode":"list","block":{"attributes":{"id":{"type":"string","description_kind":"plain","optional":true},"type":{"type":"string","description_kind":"plain","required":true}},"description_kind":"plain"},"min_items":1,"max_items":1}},"description_kind":"plain"}},"data_store_ref":{"nesting_mode":"list","block":{"attributes":{"id":{"type":"string","description_kind":"plain","required":true},"location":{"type":"string","description_kind":"plain","computed":true}},"description_kind":"plain"},"min_items":1,"max_items":1}},"description_kind":"plain"}},"ldap_attribute_source":{"nesting_mode":"list","block":{"attributes":{"base_dn":{"type":"string","description_kind":"plain","optional":true},"binary_attribute_settings":{"type":["map","string"],"description_kind":"plain","optional":true},"description":{"type":"string","description_kind":"plain","optional":true},"id":{"type":"string","description_kind":"plain","optional":true},"member_of_nested_group":{"type":"bool","description_kind":"plain","optional":true},"search_filter":{"type":"string","description_kind":"plain","required":true},"search_scope":{"type":"string","description_kind":"plain","required":true}},"block_types":{"attribute_contract_fulfillment":{"nesting_mode":"set","block":{"attributes":{"key_name":{"type":"string","description_kind":"plain","required":true},"value":{"type":"string","description_kind":"plain","optional":true}},"block_types":{"source":{"nesting_mode":"list","block":{"attributes":{"id":{"type":"string","description_kind":"plain","optional":true},"type":{"type":"string","description_kind":"plain","required":true}},"description_kind":"plain"},"min_items":1,"max_items":1}},"description_kind":"plain"}},"data_store_ref":{"nesting_mode":"list","block":{"attributes":{"id":{"type":"string","description_kind":"plain","required":true},"location":{"type":"string","description_kind":"plain","computed":true}},"description_kind":"plain"},"min_items":1,"max_items":1}},"description_kind":"plain"}}},"description_kind":"plain"}},"pingfederate_oauth_client":{"version":0,"block":{"attributes":{"bypass_activation_code_confirmation_override":{"type":"bool","description_kind":"plain","optional":true},"bypass_approval_page":{"type":"bool","description_kind":"plain","optional":true},"ciba_delivery_mode":{"type":"string","description_kind":"plain","optional":true},"ciba_notification_endpoint":{"type":"string","description_kind":"plain","optional":true},"ciba_polling_interval":{"type":"number","description_kind":"plain","optional":true},"ciba_request_object_signing_algorithm":{"type":"string","description_kind":"plain","optional":true},"ciba_require_signed_requests":{"type":"bool","description_kind":"plain","optional":true},"ciba_user_code_supported":{"type":"bool","description_kind":"plain","optional":true},"client_id":{"type":"string","description_kind":"plain","required":true},"description":{"type":"string","description_kind":"plain","optional":true},"device_flow_setting_type":{"type":"string","description_kind":"plain","optional":true},"device_polling_interval_override":{"type":"number","description_kind":"plain","optional":true},"enabled":{"type":"bool","description_kind":"plain","optional":true},"exclusive_scopes":{"type":["set","string"],"description_kind":"plain","optional":true},"grant_types":{"type":["set","string"],"description_kind":"plain","required":true},"id":{"type":"string","description_kind":"plain","optional":true,"computed":true},"logo_url":{"type":"string","description_kind":"plain","optional":true},"name":{"type":"string","description_kind":"plain","required":true},"pending_authorization_timeout_override":{"type":"number","description_kind":"plain","optional":true},"persistent_grant_expiration_time":{"type":"number","description_kind":"plain","optional":true},"persistent_grant_expiration_time_unit":{"type":"string","description_kind":"plain","optional":true},"persistent_grant_expiration_type":{"type":"string","description_kind":"plain","optional":true},"persistent_grant_idle_timeout":{"type":"number","description_kind":"plain","optional":true},"persistent_grant_idle_timeout_time_unit":{"type":"string","description_kind":"plain","optional":true},"persistent_grant_idle_timeout_type":{"type":"string","description_kind":"plain","optional":true},"redirect_uris":{"type":["set","string"],"description_kind":"plain","optional":true},"refresh_rolling":{"type":"string","description_kind":"plain","optional":true},"request_object_signing_algorithm":{"type":"string","description_kind":"plain","optional":true},"require_proof_key_for_code_exchange":{"type":"bool","description_kind":"plain","optional":true},"require_signed_requests":{"type":"bool","description_kind":"plain","optional":true},"restrict_scopes":{"type":"bool","description_kind":"plain","optional":true},"restricted_response_types":{"type":["set","string"],"description_kind":"plain","optional":true},"restricted_scopes":{"type":["set","string"],"description_kind":"plain","optional":true},"user_authorization_url_override":{"type":"string","description_kind":"plain","optional":true},"validate_using_all_eligible_atms":{"type":"bool","description_kind":"plain","optional":true}},"block_types":{"client_auth":{"nesting_mode":"list","block":{"attributes":{"client_cert_issuer_dn":{"type":"string","description_kind":"plain","optional":true},"client_cert_subject_dn":{"type":"string","description_kind":"plain","optional":true},"enforce_replay_prevention":{"type":"bool","description_kind":"plain","optional":true},"secret":{"type":"string","description_kind":"plain","optional":true,"sensitive":true},"token_endpoint_auth_signing_algorithm":{"type":"string","description_kind":"plain","optional":true},"type":{"type":"string","description_kind":"plain","required":true}},"description_kind":"plain"},"max_items":1},"default_access_token_manager_ref":{"nesting_mode":"list","block":{"attributes":{"id":{"type":"string","description_kind":"plain","required":true},"location":{"type":"string","description_kind":"plain","computed":true}},"description_kind":"plain"},"max_items":1},"extended_properties":{"nesting_mode":"set","block":{"attributes":{"key_name":{"type":"string","description_kind":"plain","required":true},"values":{"type":["set","string"],"description_kind":"plain","optional":true}},"description_kind":"plain"}},"jwks_settings":{"nesting_mode":"list","block":{"attributes":{"jwks":{"type":"string","description_kind":"plain","optional":true},"jwks_url":{"type":"string","description_kind":"plain","optional":true}},"description_kind":"plain"},"max_items":1},"oidc_policy":{"nesting_mode":"list","block":{"attributes":{"grant_access_session_revocation_api":{"type":"bool","description_kind":"plain","optional":true},"id_token_content_encryption_algorithm":{"type":"string","description_kind":"plain","optional":true},"id_token_encryption_algorithm":{"type":"string","description_kind":"plain","optional":true},"id_token_signing_algorithm":{"type":"string","description_kind":"plain","optional":true},"logout_uris":{"type":["list","string"],"description_kind":"plain","optional":true},"pairwise_identifier_user_type":{"type":"bool","description_kind":"plain","optional":true},"ping_access_logout_capable":{"type":"bool","description_kind":"plain","optional":true},"sector_identifier_uri":{"type":"string","description_kind":"plain","optional":true}},"block_types":{"policy_group":{"nesting_mode":"list","block":{"attributes":{"id":{"type":"string","description_kind":"plain","required":true},"location":{"type":"string","description_kind":"plain","computed":true}},"description_kind":"plain"},"max_items":1}},"description_kind":"plain"},"max_items":1},"request_policy_ref":{"nesting_mode":"list","block":{"attributes":{"id":{"type":"string","description_kind":"plain","required":true},"location":{"type":"string","description_kind":"plain","computed":true}},"description_kind":"plain"},"max_items":1},"timeouts":{"nesting_mode":"single","block":{"attributes":{"create":{"type":"string","description_kind":"plain","optional":true}},"description_kind":"plain"}},"token_exchange_processor_policy_ref":{"nesting_mode":"list","block":{"attributes":{"id":{"type":"string","description_kind":"plain","required":true},"location":{"type":"string","description_kind":"plain","computed":true}},"description_kind":"plain"},"max_items":1}},"description_kind":"plain"}},"pingfederate_oauth_openid_connect_policy":{"version":0,"block":{"attributes":{"id":{"type":"string","description_kind":"plain","optional":true,"computed":true},"id_token_lifetime":{"type":"number","description_kind":"plain","optional":true},"include_shash_in_id_token":{"type":"bool","description_kind":"plain","optional":true},"include_sri_in_id_token":{"type":"bool","description_kind":"plain","optional":true},"include_user_in_id_token":{"type":"bool","description_kind":"plain","optional":true},"name":{"type":"string","description_kind":"plain","required":true},"policy_id":{"type":"string","description_kind":"plain","required":true},"return_id_token_on_refresh_grant":{"type":"bool","description_kind":"plain","optional":true}},"block_types":{"access_token_manager_ref":{"nesting_mode":"list","block":{"attributes":{"id":{"type":"string","description_kind":"plain","required":true},"location":{"type":"string","description_kind":"plain","computed":true}},"description_kind":"plain"},"min_items":1,"max_items":1},"attribute_contract":{"nesting_mode":"list","block":{"block_types":{"core_attributes":{"nesting_mode":"set","block":{"attributes":{"include_in_id_token":{"type":"bool","description":"Attribute is included in the ID Token.","description_kind":"plain","optional":true},"include_in_user_info":{"type":"bool","description":"Attribute is included in the User Info.","description_kind":"plain","optional":true},"name":{"type":"string","description":"The name of this attribute.","description_kind":"plain","required":true}},"description_kind":"plain"}},"extended_attributes":{"nesting_mode":"set","block":{"attributes":{"include_in_id_token":{"type":"bool","description":"Attribute is included in the ID Token.","description_kind":"plain","optional":true},"include_in_user_info":{"type":"bool","description":"Attribute is included in the User Info.","description_kind":"plain","optional":true},"name":{"type":"string","description":"The name of this attribute.","description_kind":"plain","required":true}},"description_kind":"plain"}}},"description_kind":"plain"},"max_items":1},"attribute_mapping":{"nesting_mode":"list","block":{"block_types":{"attribute_contract_fulfillment":{"nesting_mode":"set","block":{"attributes":{"key_name":{"type":"string","description_kind":"plain","required":true},"value":{"type":"string","description_kind":"plain","optional":true}},"block_types":{"source":{"nesting_mode":"list","block":{"attributes":{"id":{"type":"string","description_kind":"plain","optional":true},"type":{"type":"string","description_kind":"plain","required":true}},"description_kind":"plain"},"min_items":1,"max_items":1}},"description_kind":"plain"},"min_items":1},"custom_attribute_source":{"nesting_mode":"list","block":{"attributes":{"description":{"type":"string","description_kind":"plain","optional":true},"id":{"type":"string","description_kind":"plain","optional":true}},"block_types":{"attribute_contract_fulfillment":{"nesting_mode":"set","block":{"attributes":{"key_name":{"type":"string","description_kind":"plain","required":true},"value":{"type":"string","description_kind":"plain","optional":true}},"block_types":{"source":{"nesting_mode":"list","block":{"attributes":{"id":{"type":"string","description_kind":"plain","optional":true},"type":{"type":"string","description_kind":"plain","required":true}},"description_kind":"plain"},"min_items":1,"max_items":1}},"description_kind":"plain"}},"data_store_ref":{"nesting_mode":"list","block":{"attributes":{"id":{"type":"string","description_kind":"plain","required":true},"location":{"type":"string","description_kind":"plain","computed":true}},"description_kind":"plain"},"min_items":1,"max_items":1},"filter_fields":{"nesting_mode":"list","block":{"attributes":{"name":{"type":"string","description_kind":"plain","required":true},"value":{"type":"string","description_kind":"plain","optional":true}},"description_kind":"plain"},"min_items":1}},"description_kind":"plain"}},"issuance_criteria":{"nesting_mode":"list","block":{"block_types":{"conditional_criteria":{"nesting_mode":"list","block":{"attributes":{"attribute_name":{"type":"string","description_kind":"plain","required":true},"condition":{"type":"string","description_kind":"plain","required":true},"error_result":{"type":"string","description_kind":"plain","optional":true},"value":{"type":"string","description_kind":"plain","required":true}},"block_types":{"source":{"nesting_mode":"list","block":{"attributes":{"id":{"type":"string","description_kind":"plain","optional":true},"type":{"type":"string","description_kind":"plain","required":true}},"description_kind":"plain"},"min_items":1,"max_items":1}},"description_kind":"plain"}},"expression_criteria":{"nesting_mode":"list","block":{"attributes":{"error_result":{"type":"string","description_kind":"plain","optional":true},"expression":{"type":"string","description_kind":"plain","required":true}},"description_kind":"plain"}}},"description_kind":"plain"},"max_items":1},"jdbc_attribute_source":{"nesting_mode":"list","block":{"attributes":{"description":{"type":"string","description_kind":"plain","optional":true},"filter":{"type":"string","description_kind":"plain","required":true},"id":{"type":"string","description_kind":"plain","optional":true},"schema":{"type":"string","description_kind":"plain","optional":true},"table":{"type":"string","description_kind":"plain","required":true}},"block_types":{"attribute_contract_fulfillment":{"nesting_mode":"set","block":{"attributes":{"key_name":{"type":"string","description_kind":"plain","required":true},"value":{"type":"string","description_kind":"plain","optional":true}},"block_types":{"source":{"nesting_mode":"list","block":{"attributes":{"id":{"type":"string","description_kind":"plain","optional":true},"type":{"type":"string","description_kind":"plain","required":true}},"description_kind":"plain"},"min_items":1,"max_items":1}},"description_kind":"plain"}},"data_store_ref":{"nesting_mode":"list","block":{"attributes":{"id":{"type":"string","description_kind":"plain","required":true},"location":{"type":"string","description_kind":"plain","computed":true}},"description_kind":"plain"},"min_items":1,"max_items":1}},"description_kind":"plain"}},"ldap_attribute_source":{"nesting_mode":"list","block":{"attributes":{"base_dn":{"type":"string","description_kind":"plain","optional":true},"binary_attribute_settings":{"type":["map","string"],"description_kind":"plain","optional":true},"description":{"type":"string","description_kind":"plain","optional":true},"id":{"type":"string","description_kind":"plain","optional":true},"member_of_nested_group":{"type":"bool","description_kind":"plain","optional":true},"search_filter":{"type":"string","description_kind":"plain","required":true},"search_scope":{"type":"string","description_kind":"plain","required":true}},"block_types":{"attribute_contract_fulfillment":{"nesting_mode":"set","block":{"attributes":{"key_name":{"type":"string","description_kind":"plain","required":true},"value":{"type":"string","description_kind":"plain","optional":true}},"block_types":{"source":{"nesting_mode":"list","block":{"attributes":{"id":{"type":"string","description_kind":"plain","optional":true},"type":{"type":"string","description_kind":"plain","required":true}},"description_kind":"plain"},"min_items":1,"max_items":1}},"description_kind":"plain"}},"data_store_ref":{"nesting_mode":"list","block":{"attributes":{"id":{"type":"string","description_kind":"plain","required":true},"location":{"type":"string","description_kind":"plain","computed":true}},"description_kind":"plain"},"min_items":1,"max_items":1}},"description_kind":"plain"}}},"description_kind":"plain"},"max_items":1},"scope_attribute_mappings":{"nesting_mode":"set","block":{"attributes":{"key_name":{"type":"string","description_kind":"plain","required":true},"values":{"type":["set","string"],"description_kind":"plain","optional":true}},"description_kind":"plain"}},"timeouts":{"nesting_mode":"single","block":{"attributes":{"delete":{"type":"string","description_kind":"plain","optional":true}},"description_kind":"plain"}}},"description_kind":"plain"}},"pingfederate_password_credential_validator":{"version":0,"block":{"attributes":{"id":{"type":"string","description_kind":"plain","optional":true,"computed":true},"name":{"type":"string","description_kind":"plain","required":true}},"block_types":{"attribute_contract":{"nesting_mode":"list","block":{"attributes":{"core_attributes":{"type":["set","string"],"description_kind":"plain","required":true},"extended_attributes":{"type":["set","string"],"description_kind":"plain","optional":true},"inherited":{"type":"bool","description_kind":"plain","optional":true}},"description_kind":"plain"},"min_items":1,"max_items":1},"configuration":{"nesting_mode":"list","block":{"block_types":{"fields":{"nesting_mode":"set","block":{"attributes":{"inherited":{"type":"bool","description_kind":"plain","optional":true},"name":{"type":"string","description_kind":"plain","required":true},"value":{"type":"string","description_kind":"plain","optional":true}},"description_kind":"plain"}},"sensitive_fields":{"nesting_mode":"set","block":{"attributes":{"inherited":{"type":"bool","description_kind":"plain","optional":true},"name":{"type":"string","description_kind":"plain","required":true},"value":{"type":"string","description_kind":"plain","optional":true,"sensitive":true}},"description_kind":"plain"}},"tables":{"nesting_mode":"list","block":{"attributes":{"inherited":{"type":"bool","description_kind":"plain","optional":true},"name":{"type":"string","description_kind":"plain","required":true}},"block_types":{"rows":{"nesting_mode":"list","block":{"block_types":{"fields":{"nesting_mode":"set","block":{"attributes":{"inherited":{"type":"bool","description_kind":"plain","optional":true},"name":{"type":"string","description_kind":"plain","required":true},"value":{"type":"string","description_kind":"plain","optional":true}},"description_kind":"plain"}},"sensitive_fields":{"nesting_mode":"set","block":{"attributes":{"inherited":{"type":"bool","description_kind":"plain","optional":true},"name":{"type":"string","description_kind":"plain","required":true},"value":{"type":"string","description_kind":"plain","optional":true,"sensitive":true}},"description_kind":"plain"}}},"description_kind":"plain"}}},"description_kind":"plain"}}},"description_kind":"plain"},"max_items":1},"parent_ref":{"nesting_mode":"list","block":{"attributes":{"id":{"type":"string","description_kind":"plain","required":true},"location":{"type":"string","description_kind":"plain","computed":true}},"description_kind":"plain"},"max_items":1},"plugin_descriptor_ref":{"nesting_mode":"list","block":{"attributes":{"id":{"type":"string","description_kind":"plain","required":true},"location":{"type":"string","description_kind":"plain","computed":true}},"description_kind":"plain"},"max_items":1}},"description_kind":"plain"}},"pingfederate_server_settings":{"version":0,"block":{"attributes":{"id":{"type":"string","description_kind":"plain","optional":true,"computed":true}},"block_types":{"federation_info":{"nesting_mode":"list","block":{"attributes":{"base_url":{"type":"string","description_kind":"plain","required":true},"saml1x_issuer_id":{"type":"string","description_kind":"plain","optional":true},"saml1x_source_id":{"type":"string","description_kind":"plain","optional":true},"saml2_entity_id":{"type":"string","description_kind":"plain","optional":true},"wsfed_realm":{"type":"string","description_kind":"plain","optional":true}},"description_kind":"plain"},"min_items":1,"max_items":1},"roles_and_protocols":{"nesting_mode":"list","block":{"attributes":{"enable_idp_discovery":{"type":"bool","description_kind":"plain","optional":true}},"block_types":{"idp_role":{"nesting_mode":"list","block":{"attributes":{"enable":{"type":"bool","description_kind":"plain","optional":true},"enable_outbound_provisioning":{"type":"bool","description_kind":"plain","optional":true},"enable_saml10":{"type":"bool","description_kind":"plain","optional":true},"enable_saml11":{"type":"bool","description_kind":"plain","optional":true},"enable_ws_fed":{"type":"bool","description_kind":"plain","optional":true},"enable_ws_trust":{"type":"bool","description_kind":"plain","optional":true}},"block_types":{"saml20_profile":{"nesting_mode":"list","block":{"attributes":{"enable":{"type":"bool","description_kind":"plain","optional":true},"enable_auto_connect":{"type":"bool","description_kind":"plain","optional":true}},"description_kind":"plain"},"max_items":1}},"description_kind":"plain"},"min_items":1,"max_items":1},"oauth_role":{"nesting_mode":"list","block":{"attributes":{"enable_oauth":{"type":"bool","description_kind":"plain","optional":true},"enable_openid_connect":{"type":"bool","description_kind":"plain","optional":true}},"description_kind":"plain"},"min_items":1,"max_items":1},"sp_role":{"nesting_mode":"list","block":{"attributes":{"enable":{"type":"bool","description_kind":"plain","optional":true},"enable_inbound_provisioning":{"type":"bool","description_kind":"plain","optional":true},"enable_openid_connect":{"type":"bool","description_kind":"plain","optional":true},"enable_saml10":{"type":"bool","description_kind":"plain","optional":true},"enable_saml11":{"type":"bool","description_kind":"plain","optional":true},"enable_ws_fed":{"type":"bool","description_kind":"plain","optional":true},"enable_ws_trust":{"type":"bool","description_kind":"plain","optional":true}},"block_types":{"saml20_profile":{"nesting_mode":"list","block":{"attributes":{"enable":{"type":"bool","description_kind":"plain","optional":true},"enable_auto_connect":{"type":"bool","description_kind":"plain","optional":true},"enable_xasp":{"type":"bool","description_kind":"plain","optional":true}},"description_kind":"plain"},"max_items":1}},"description_kind":"plain"},"min_items":1,"max_items":1}},"description_kind":"plain"},"min_items":1,"max_items":1}},"description_kind":"plain"}},"pingfederate_sp_adapter":{"version":0,"block":{"attributes":{"id":{"type":"string","description_kind":"plain","optional":true,"computed":true},"name":{"type":"string","description_kind":"plain","required":true},"sp_adapter_id":{"type":"string","description_kind":"plain","required":true}},"block_types":{"attribute_contract":{"nesting_mode":"list","block":{"attributes":{"core_attributes":{"type":["set","string"],"description_kind":"plain","required":true},"extended_attributes":{"type":["set","string"],"description_kind":"plain","optional":true},"inherited":{"type":"bool","description_kind":"plain","optional":true}},"description_kind":"plain"},"min_items":1,"max_items":1},"configuration":{"nesting_mode":"list","block":{"block_types":{"fields":{"nesting_mode":"set","block":{"attributes":{"inherited":{"type":"bool","description_kind":"plain","optional":true},"name":{"type":"string","description_kind":"plain","required":true},"value":{"type":"string","description_kind":"plain","optional":true}},"description_kind":"plain"}},"sensitive_fields":{"nesting_mode":"set","block":{"attributes":{"inherited":{"type":"bool","description_kind":"plain","optional":true},"name":{"type":"string","description_kind":"plain","required":true},"value":{"type":"string","description_kind":"plain","optional":true,"sensitive":true}},"description_kind":"plain"}},"tables":{"nesting_mode":"list","block":{"attributes":{"inherited":{"type":"bool","description_kind":"plain","optional":true},"name":{"type":"string","description_kind":"plain","required":true}},"block_types":{"rows":{"nesting_mode":"list","block":{"block_types":{"fields":{"nesting_mode":"set","block":{"attributes":{"inherited":{"type":"bool","description_kind":"plain","optional":true},"name":{"type":"string","description_kind":"plain","required":true},"value":{"type":"string","description_kind":"plain","optional":true}},"description_kind":"plain"}},"sensitive_fields":{"nesting_mode":"set","block":{"attributes":{"inherited":{"type":"bool","description_kind":"plain","optional":true},"name":{"type":"string","description_kind":"plain","required":true},"value":{"type":"string","description_kind":"plain","optional":true,"sensitive":true}},"description_kind":"plain"}}},"description_kind":"plain"}}},"description_kind":"plain"}}},"description_kind":"plain"},"max_items":1},"parent_ref":{"nesting_mode":"list","block":{"attributes":{"id":{"type":"string","description_kind":"plain","required":true},"location":{"type":"string","description_kind":"plain","computed":true}},"description_kind":"plain"},"max_items":1},"plugin_descriptor_ref":{"nesting_mode":"list","block":{"attributes":{"id":{"type":"string","description_kind":"plain","required":true},"location":{"type":"string","description_kind":"plain","computed":true}},"description_kind":"plain"},"min_items":1,"max_items":1},"target_application_info":{"nesting_mode":"list","block":{"attributes":{"application_icon_url":{"type":"string","description_kind":"plain","optional":true},"application_name":{"type":"string","description_kind":"plain","optional":true},"inherited":{"type":"bool","description_kind":"plain","optional":true}},"description_kind":"plain"},"max_items":1}},"description_kind":"plain"}},"pingfederate_sp_authentication_policy_contract_mapping":{"version":0,"block":{"attributes":{"default_target_resource":{"type":"string","description_kind":"plain","optional":true},"id":{"type":"string","description_kind":"plain","optional":true,"computed":true},"license_connection_group_assignment":{"type":"string","description_kind":"plain","optional":true},"source_id":{"type":"string","description_kind":"plain","required":true},"target_id":{"type":"string","description_kind":"plain","required":true}},"block_types":{"attribute_contract_fulfillment":{"nesting_mode":"set","block":{"attributes":{"key_name":{"type":"string","description_kind":"plain","required":true},"value":{"type":"string","description_kind":"plain","optional":true}},"block_types":{"source":{"nesting_mode":"list","block":{"attributes":{"id":{"type":"string","description_kind":"plain","optional":true},"type":{"type":"string","description_kind":"plain","required":true}},"description_kind":"plain"},"min_items":1,"max_items":1}},"description_kind":"plain"},"min_items":1},"custom_attribute_source":{"nesting_mode":"list","block":{"attributes":{"description":{"type":"string","description_kind":"plain","optional":true},"id":{"type":"string","description_kind":"plain","optional":true}},"block_types":{"attribute_contract_fulfillment":{"nesting_mode":"set","block":{"attributes":{"key_name":{"type":"string","description_kind":"plain","required":true},"value":{"type":"string","description_kind":"plain","optional":true}},"block_types":{"source":{"nesting_mode":"list","block":{"attributes":{"id":{"type":"string","description_kind":"plain","optional":true},"type":{"type":"string","description_kind":"plain","required":true}},"description_kind":"plain"},"min_items":1,"max_items":1}},"description_kind":"plain"}},"data_store_ref":{"nesting_mode":"list","block":{"attributes":{"id":{"type":"string","description_kind":"plain","required":true},"location":{"type":"string","description_kind":"plain","computed":true}},"description_kind":"plain"},"min_items":1,"max_items":1},"filter_fields":{"nesting_mode":"list","block":{"attributes":{"name":{"type":"string","description_kind":"plain","required":true},"value":{"type":"string","description_kind":"plain","optional":true}},"description_kind":"plain"},"min_items":1}},"description_kind":"plain"}},"issuance_criteria":{"nesting_mode":"list","block":{"block_types":{"conditional_criteria":{"nesting_mode":"list","block":{"attributes":{"attribute_name":{"type":"string","description_kind":"plain","required":true},"condition":{"type":"string","description_kind":"plain","required":true},"error_result":{"type":"string","description_kind":"plain","optional":true},"value":{"type":"string","description_kind":"plain","required":true}},"block_types":{"source":{"nesting_mode":"list","block":{"attributes":{"id":{"type":"string","description_kind":"plain","optional":true},"type":{"type":"string","description_kind":"plain","required":true}},"description_kind":"plain"},"min_items":1,"max_items":1}},"description_kind":"plain"}},"expression_criteria":{"nesting_mode":"list","block":{"attributes":{"error_result":{"type":"string","description_kind":"plain","optional":true},"expression":{"type":"string","description_kind":"plain","required":true}},"description_kind":"plain"}}},"description_kind":"plain"},"max_items":1},"jdbc_attribute_source":{"nesting_mode":"list","block":{"attributes":{"description":{"type":"string","description_kind":"plain","optional":true},"filter":{"type":"string","description_kind":"plain","required":true},"id":{"type":"string","description_kind":"plain","optional":true},"schema":{"type":"string","description_kind":"plain","optional":true},"table":{"type":"string","description_kind":"plain","required":true}},"block_types":{"attribute_contract_fulfillment":{"nesting_mode":"set","block":{"attributes":{"key_name":{"type":"string","description_kind":"plain","required":true},"value":{"type":"string","description_kind":"plain","optional":true}},"block_types":{"source":{"nesting_mode":"list","block":{"attributes":{"id":{"type":"string","description_kind":"plain","optional":true},"type":{"type":"string","description_kind":"plain","required":true}},"description_kind":"plain"},"min_items":1,"max_items":1}},"description_kind":"plain"}},"data_store_ref":{"nesting_mode":"list","block":{"attributes":{"id":{"type":"string","description_kind":"plain","required":true},"location":{"type":"string","description_kind":"plain","computed":true}},"description_kind":"plain"},"min_items":1,"max_items":1}},"description_kind":"plain"}},"ldap_attribute_source":{"nesting_mode":"list","block":{"attributes":{"base_dn":{"type":"string","description_kind":"plain","optional":true},"binary_attribute_settings":{"type":["map","string"],"description_kind":"plain","optional":true},"description":{"type":"string","description_kind":"plain","optional":true},"id":{"type":"string","description_kind":"plain","optional":true},"member_of_nested_group":{"type":"bool","description_kind":"plain","optional":true},"search_filter":{"type":"string","description_kind":"plain","required":true},"search_scope":{"type":"string","description_kind":"plain","required":true}},"block_types":{"attribute_contract_fulfillment":{"nesting_mode":"set","block":{"attributes":{"key_name":{"type":"string","description_kind":"plain","required":true},"value":{"type":"string","description_kind":"plain","optional":true}},"block_types":{"source":{"nesting_mode":"list","block":{"attributes":{"id":{"type":"string","description_kind":"plain","optional":true},"type":{"type":"string","description_kind":"plain","required":true}},"description_kind":"plain"},"min_items":1,"max_items":1}},"description_kind":"plain"}},"data_store_ref":{"nesting_mode":"list","block":{"attributes":{"id":{"type":"string","description_kind":"plain","required":true},"location":{"type":"string","description_kind":"plain","computed":true}},"description_kind":"plain"},"min_items":1,"max_items":1}},"description_kind":"plain"}}},"description_kind":"plain"}},"pingfederate_sp_idp_connection":{"version":0,"block":{"attributes":{"active":{"type":"bool","description_kind":"plain","optional":true},"base_url":{"type":"string","description_kind":"plain","optional":true},"connection_id":{"type":"string","description_kind":"plain","optional":true,"computed":true},"default_virtual_entity_id":{"type":"string","description_kind":"plain","optional":true},"entity_id":{"type":"string","description_kind":"plain","required":true},"error_page_msg_id":{"type":"string","description_kind":"plain","optional":true},"id":{"type":"string","description_kind":"plain","optional":true,"computed":true},"license_connection_group":{"type":"string","description_kind":"plain","optional":true},"logging_mode":{"type":"string","description_kind":"plain","optional":true},"name":{"type":"string","description_kind":"plain","required":true},"type":{"type":"string","description_kind":"plain","optional":true},"virtual_entity_ids":{"type":["list","string"],"description_kind":"plain","optional":true}},"block_types":{"additional_allowed_entities_configuration":{"nesting_mode":"list","block":{"attributes":{"allow_additional_entities":{"type":"bool","description_kind":"plain","optional":true},"allow_all_entities":{"type":"bool","description_kind":"plain","optional":true}},"block_types":{"additional_allowed_entities":{"nesting_mode":"list","block":{"attributes":{"entity_description":{"type":"string","description_kind":"plain","optional":true},"entity_id":{"type":"string","description_kind":"plain","optional":true}},"description_kind":"plain"}}},"description_kind":"plain"}},"attribute_query":{"nesting_mode":"list","block":{"attributes":{"url":{"type":"string","description_kind":"plain","required":true}},"block_types":{"name_mappings":{"nesting_mode":"list","block":{"attributes":{"local_name":{"type":"string","description_kind":"plain","required":true},"remote_name":{"type":"string","description_kind":"plain","required":true}},"description_kind":"plain"}},"policy":{"nesting_mode":"list","block":{"attributes":{"encrypt_name_id":{"type":"bool","description_kind":"plain","optional":true},"mask_attribute_values":{"type":"bool","description_kind":"plain","optional":true},"require_encrypted_assertion":{"type":"bool","description_kind":"plain","optional":true},"require_signed_assertion":{"type":"bool","description_kind":"plain","optional":true},"require_signed_response":{"type":"bool","description_kind":"plain","optional":true},"sign_attribute_query":{"type":"bool","description_kind":"plain","optional":true}},"description_kind":"plain"}}},"description_kind":"plain"}},"contact_info":{"nesting_mode":"list","block":{"attributes":{"company":{"type":"string","description_kind":"plain","optional":true},"email":{"type":"string","description_kind":"plain","optional":true},"first_name":{"type":"string","description_kind":"plain","optional":true},"last_name":{"type":"string","description_kind":"plain","optional":true},"phone":{"type":"string","description_kind":"plain","optional":true}},"description_kind":"plain"}},"credentials":{"nesting_mode":"list","block":{"attributes":{"block_encryption_algorithm":{"type":"string","description_kind":"plain","optional":true},"key_transport_algorithm":{"type":"string","description_kind":"plain","optional":true},"verification_issuer_dn":{"type":"string","description_kind":"plain","optional":true},"verification_subject_dn":{"type":"string","description_kind":"plain","optional":true}},"block_types":{"certs":{"nesting_mode":"list","block":{"attributes":{"active_verification_cert":{"type":"bool","description_kind":"plain","optional":true},"encryption_cert":{"type":"bool","description_kind":"plain","optional":true},"primary_verification_cert":{"type":"bool","description_kind":"plain","optional":true},"secondary_verification_cert":{"type":"bool","description_kind":"plain","optional":true}},"block_types":{"cert_view":{"nesting_mode":"list","block":{"attributes":{"crypto_provider":{"type":"string","description_kind":"plain","optional":true},"expires":{"type":"string","description_kind":"plain","optional":true},"id":{"type":"string","description_kind":"plain","optional":true},"issuer_dn":{"type":"string","description_kind":"plain","optional":true},"key_algorithm":{"type":"string","description_kind":"plain","optional":true},"key_size":{"type":"number","description_kind":"plain","optional":true},"serial_number":{"type":"string","description_kind":"plain","optional":true},"sha1_fingerprint":{"type":"string","description_kind":"plain","optional":true},"sha256_fingerprint":{"type":"string","description_kind":"plain","optional":true},"signature_algorithm":{"type":"string","description_kind":"plain","optional":true},"status":{"type":"string","description_kind":"plain","optional":true},"subject_alternative_names":{"type":["list","string"],"description_kind":"plain","optional":true},"subject_dn":{"type":"string","description_kind":"plain","optional":true},"valid_from":{"type":"string","description_kind":"plain","optional":true},"version":{"type":"number","description_kind":"plain","optional":true}},"description_kind":"plain"}},"x509_file":{"nesting_mode":"list","block":{"attributes":{"crypto_provider":{"type":"string","description_kind":"plain","optional":true},"file_data":{"type":"string","description_kind":"plain","required":true},"id":{"type":"string","description_kind":"plain","optional":true}},"description_kind":"plain"},"min_items":1}},"description_kind":"plain"}},"decryption_key_pair_ref":{"nesting_mode":"list","block":{"attributes":{"id":{"type":"string","description_kind":"plain","required":true},"location":{"type":"string","description_kind":"plain","computed":true}},"description_kind":"plain"},"max_items":1},"inbound_back_channel_auth":{"nesting_mode":"list","block":{"attributes":{"digital_signature":{"type":"bool","description_kind":"plain","optional":true},"require_ssl":{"type":"bool","description_kind":"plain","optional":true},"type":{"type":"string","description_kind":"plain","optional":true},"verification_issuer_dn":{"type":"string","description_kind":"plain","optional":true},"verification_subject_dn":{"type":"string","description_kind":"plain","optional":true}},"block_types":{"certs":{"nesting_mode":"list","block":{"attributes":{"active_verification_cert":{"type":"bool","description_kind":"plain","optional":true},"encryption_cert":{"type":"bool","description_kind":"plain","optional":true},"primary_verification_cert":{"type":"bool","description_kind":"plain","optional":true},"secondary_verification_cert":{"type":"bool","description_kind":"plain","optional":true}},"block_types":{"cert_view":{"nesting_mode":"list","block":{"attributes":{"crypto_provider":{"type":"string","description_kind":"plain","optional":true},"expires":{"type":"string","description_kind":"plain","optional":true},"id":{"type":"string","description_kind":"plain","optional":true},"issuer_dn":{"type":"string","description_kind":"plain","optional":true},"key_algorithm":{"type":"string","description_kind":"plain","optional":true},"key_size":{"type":"number","description_kind":"plain","optional":true},"serial_number":{"type":"string","description_kind":"plain","optional":true},"sha1_fingerprint":{"type":"string","description_kind":"plain","optional":true},"sha256_fingerprint":{"type":"string","description_kind":"plain","optional":true},"signature_algorithm":{"type":"string","description_kind":"plain","optional":true},"status":{"type":"string","description_kind":"plain","optional":true},"subject_alternative_names":{"type":["list","string"],"description_kind":"plain","optional":true},"subject_dn":{"type":"string","description_kind":"plain","optional":true},"valid_from":{"type":"string","description_kind":"plain","optional":true},"version":{"type":"number","description_kind":"plain","optional":true}},"description_kind":"plain"}},"x509_file":{"nesting_mode":"list","block":{"attributes":{"crypto_provider":{"type":"string","description_kind":"plain","optional":true},"file_data":{"type":"string","description_kind":"plain","required":true},"id":{"type":"string","description_kind":"plain","optional":true}},"description_kind":"plain"},"min_items":1}},"description_kind":"plain"}},"http_basic_credentials":{"nesting_mode":"list","block":{"attributes":{"encrypted_password":{"type":"string","description_kind":"plain","optional":true},"password":{"type":"string","description_kind":"plain","optional":true},"username":{"type":"string","description_kind":"plain","optional":true}},"description_kind":"plain"}}},"description_kind":"plain"}},"outbound_back_channel_auth":{"nesting_mode":"list","block":{"attributes":{"digital_signature":{"type":"bool","description_kind":"plain","optional":true},"type":{"type":"string","description_kind":"plain","optional":true},"validate_partner_cert":{"type":"bool","description_kind":"plain","optional":true}},"block_types":{"http_basic_credentials":{"nesting_mode":"list","block":{"attributes":{"encrypted_password":{"type":"string","description_kind":"plain","optional":true},"password":{"type":"string","description_kind":"plain","optional":true},"username":{"type":"string","description_kind":"plain","optional":true}},"description_kind":"plain"}},"ssl_auth_key_pair_ref":{"nesting_mode":"list","block":{"attributes":{"id":{"type":"string","description_kind":"plain","required":true},"location":{"type":"string","description_kind":"plain","computed":true}},"description_kind":"plain"},"max_items":1}},"description_kind":"plain"}},"secondary_decryption_key_pair_ref":{"nesting_mode":"list","block":{"attributes":{"id":{"type":"string","description_kind":"plain","required":true},"location":{"type":"string","description_kind":"plain","computed":true}},"description_kind":"plain"},"max_items":1},"signing_settings":{"nesting_mode":"list","block":{"attributes":{"algorithm":{"type":"string","description_kind":"plain","optional":true},"include_cert_in_signature":{"type":"bool","description_kind":"plain","optional":true},"include_raw_key_in_signature":{"type":"bool","description_kind":"plain","optional":true}},"block_types":{"signing_key_pair_ref":{"nesting_mode":"list","block":{"attributes":{"id":{"type":"string","description_kind":"plain","required":true},"location":{"type":"string","description_kind":"plain","computed":true}},"description_kind":"plain"},"min_items":1,"max_items":1}},"description_kind":"plain"}}},"description_kind":"plain"}},"extended_properties":{"nesting_mode":"set","block":{"attributes":{"key_name":{"type":"string","description_kind":"plain","required":true},"values":{"type":["set","string"],"description_kind":"plain","optional":true}},"description_kind":"plain"}},"idp_browser_sso":{"nesting_mode":"list","block":{"attributes":{"assertions_signed":{"type":"bool","description_kind":"plain","optional":true},"default_target_url":{"type":"string","description_kind":"plain","optional":true},"enabled_profiles":{"type":["list","string"],"description_kind":"plain","optional":true},"idp_identity_mapping":{"type":"string","description_kind":"plain","required":true},"incoming_bindings":{"type":["list","string"],"description_kind":"plain","optional":true},"protocol":{"type":"string","description_kind":"plain","required":true},"sign_authn_requests":{"type":"bool","description_kind":"plain","optional":true}},"block_types":{"adapter_mappings":{"nesting_mode":"list","block":{"attributes":{"restrict_virtual_entity_ids":{"type":"bool","description_kind":"plain","optional":true},"restricted_virtual_entity_ids":{"type":["list","string"],"description_kind":"plain","optional":true}},"block_types":{"adapter_override_settings":{"nesting_mode":"list","block":{"attributes":{"id":{"type":"string","description_kind":"plain","required":true},"name":{"type":"string","description_kind":"plain","required":true}},"block_types":{"attribute_contract":{"nesting_mode":"list","block":{"attributes":{"core_attributes":{"type":["set","string"],"description_kind":"plain","required":true},"extended_attributes":{"type":["set","string"],"description_kind":"plain","optional":true},"inherited":{"type":"bool","description_kind":"plain","optional":true}},"description_kind":"plain"}},"configuration":{"nesting_mode":"list","block":{"block_types":{"fields":{"nesting_mode":"set","block":{"attributes":{"inherited":{"type":"bool","description_kind":"plain","optional":true},"name":{"type":"string","description_kind":"plain","required":true},"value":{"type":"string","description_kind":"plain","optional":true}},"description_kind":"plain"}},"sensitive_fields":{"nesting_mode":"set","block":{"attributes":{"inherited":{"type":"bool","description_kind":"plain","optional":true},"name":{"type":"string","description_kind":"plain","required":true},"value":{"type":"string","description_kind":"plain","optional":true,"sensitive":true}},"description_kind":"plain"}},"tables":{"nesting_mode":"list","block":{"attributes":{"inherited":{"type":"bool","description_kind":"plain","optional":true},"name":{"type":"string","description_kind":"plain","required":true}},"block_types":{"rows":{"nesting_mode":"list","block":{"block_types":{"fields":{"nesting_mode":"set","block":{"attributes":{"inherited":{"type":"bool","description_kind":"plain","optional":true},"name":{"type":"string","description_kind":"plain","required":true},"value":{"type":"string","description_kind":"plain","optional":true}},"description_kind":"plain"}},"sensitive_fields":{"nesting_mode":"set","block":{"attributes":{"inherited":{"type":"bool","description_kind":"plain","optional":true},"name":{"type":"string","description_kind":"plain","required":true},"value":{"type":"string","description_kind":"plain","optional":true,"sensitive":true}},"description_kind":"plain"}}},"description_kind":"plain"}}},"description_kind":"plain"}}},"description_kind":"plain"},"max_items":1},"parent_ref":{"nesting_mode":"list","block":{"attributes":{"id":{"type":"string","description_kind":"plain","required":true},"location":{"type":"string","description_kind":"plain","computed":true}},"description_kind":"plain"},"min_items":1,"max_items":1},"plugin_descriptor_ref":{"nesting_mode":"list","block":{"attributes":{"id":{"type":"string","description_kind":"plain","required":true},"location":{"type":"string","description_kind":"plain","computed":true}},"description_kind":"plain"},"min_items":1,"max_items":1},"target_application_info":{"nesting_mode":"list","block":{"attributes":{"application_icon_url":{"type":"string","description_kind":"plain","optional":true},"application_name":{"type":"string","description_kind":"plain","optional":true},"inherited":{"type":"bool","description_kind":"plain","optional":true}},"description_kind":"plain"}}},"description_kind":"plain"}},"attribute_contract_fulfillment":{"nesting_mode":"set","block":{"attributes":{"key_name":{"type":"string","description_kind":"plain","required":true},"value":{"type":"string","description_kind":"plain","optional":true}},"block_types":{"source":{"nesting_mode":"list","block":{"attributes":{"id":{"type":"string","description_kind":"plain","optional":true},"type":{"type":"string","description_kind":"plain","required":true}},"description_kind":"plain"},"min_items":1,"max_items":1}},"description_kind":"plain"},"min_items":1},"custom_attribute_source":{"nesting_mode":"list","block":{"attributes":{"description":{"type":"string","description_kind":"plain","optional":true},"id":{"type":"string","description_kind":"plain","optional":true}},"block_types":{"attribute_contract_fulfillment":{"nesting_mode":"set","block":{"attributes":{"key_name":{"type":"string","description_kind":"plain","required":true},"value":{"type":"string","description_kind":"plain","optional":true}},"block_types":{"source":{"nesting_mode":"list","block":{"attributes":{"id":{"type":"string","description_kind":"plain","optional":true},"type":{"type":"string","description_kind":"plain","required":true}},"description_kind":"plain"},"min_items":1,"max_items":1}},"description_kind":"plain"}},"data_store_ref":{"nesting_mode":"list","block":{"attributes":{"id":{"type":"string","description_kind":"plain","required":true},"location":{"type":"string","description_kind":"plain","computed":true}},"description_kind":"plain"},"min_items":1,"max_items":1},"filter_fields":{"nesting_mode":"list","block":{"attributes":{"name":{"type":"string","description_kind":"plain","required":true},"value":{"type":"string","description_kind":"plain","optional":true}},"description_kind":"plain"},"min_items":1}},"description_kind":"plain"}},"issuance_criteria":{"nesting_mode":"list","block":{"block_types":{"conditional_criteria":{"nesting_mode":"list","block":{"attributes":{"attribute_name":{"type":"string","description_kind":"plain","required":true},"condition":{"type":"string","description_kind":"plain","required":true},"error_result":{"type":"string","description_kind":"plain","optional":true},"value":{"type":"string","description_kind":"plain","required":true}},"block_types":{"source":{"nesting_mode":"list","block":{"attributes":{"id":{"type":"string","description_kind":"plain","optional":true},"type":{"type":"string","description_kind":"plain","required":true}},"description_kind":"plain"},"min_items":1,"max_items":1}},"description_kind":"plain"}},"expression_criteria":{"nesting_mode":"list","block":{"attributes":{"error_result":{"type":"string","description_kind":"plain","optional":true},"expression":{"type":"string","description_kind":"plain","required":true}},"description_kind":"plain"}}},"description_kind":"plain"}},"jdbc_attribute_source":{"nesting_mode":"list","block":{"attributes":{"description":{"type":"string","description_kind":"plain","optional":true},"filter":{"type":"string","description_kind":"plain","required":true},"id":{"type":"string","description_kind":"plain","optional":true},"schema":{"type":"string","description_kind":"plain","optional":true},"table":{"type":"string","description_kind":"plain","required":true}},"block_types":{"attribute_contract_fulfillment":{"nesting_mode":"set","block":{"attributes":{"key_name":{"type":"string","description_kind":"plain","required":true},"value":{"type":"string","description_kind":"plain","optional":true}},"block_types":{"source":{"nesting_mode":"list","block":{"attributes":{"id":{"type":"string","description_kind":"plain","optional":true},"type":{"type":"string","description_kind":"plain","required":true}},"description_kind":"plain"},"min_items":1,"max_items":1}},"description_kind":"plain"}},"data_store_ref":{"nesting_mode":"list","block":{"attributes":{"id":{"type":"string","description_kind":"plain","required":true},"location":{"type":"string","description_kind":"plain","computed":true}},"description_kind":"plain"},"min_items":1,"max_items":1}},"description_kind":"plain"}},"ldap_attribute_source":{"nesting_mode":"list","block":{"attributes":{"base_dn":{"type":"string","description_kind":"plain","optional":true},"binary_attribute_settings":{"type":["map","string"],"description_kind":"plain","optional":true},"description":{"type":"string","description_kind":"plain","optional":true},"id":{"type":"string","description_kind":"plain","optional":true},"member_of_nested_group":{"type":"bool","description_kind":"plain","optional":true},"search_filter":{"type":"string","description_kind":"plain","required":true},"search_scope":{"type":"string","description_kind":"plain","required":true}},"block_types":{"attribute_contract_fulfillment":{"nesting_mode":"set","block":{"attributes":{"key_name":{"type":"string","description_kind":"plain","required":true},"value":{"type":"string","description_kind":"plain","optional":true}},"block_types":{"source":{"nesting_mode":"list","block":{"attributes":{"id":{"type":"string","description_kind":"plain","optional":true},"type":{"type":"string","description_kind":"plain","required":true}},"description_kind":"plain"},"min_items":1,"max_items":1}},"description_kind":"plain"}},"data_store_ref":{"nesting_mode":"list","block":{"attributes":{"id":{"type":"string","description_kind":"plain","required":true},"location":{"type":"string","description_kind":"plain","computed":true}},"description_kind":"plain"},"min_items":1,"max_items":1}},"description_kind":"plain"}},"sp_adapter_ref":{"nesting_mode":"list","block":{"attributes":{"id":{"type":"string","description_kind":"plain","required":true},"location":{"type":"string","description_kind":"plain","computed":true}},"description_kind":"plain"},"min_items":1,"max_items":1}},"description_kind":"plain"}},"artifact":{"nesting_mode":"list","block":{"attributes":{"lifetime":{"type":"number","description_kind":"plain","required":true},"source_id":{"type":"string","description_kind":"plain","optional":true}},"block_types":{"resolver_locations":{"nesting_mode":"list","block":{"attributes":{"index":{"type":"number","description_kind":"plain","required":true},"url":{"type":"string","description_kind":"plain","required":true}},"description_kind":"plain"},"min_items":1}},"description_kind":"plain"}},"attribute_contract":{"nesting_mode":"list","block":{"block_types":{"core_attributes":{"nesting_mode":"list","block":{"attributes":{"masked":{"type":"bool","description_kind":"plain","optional":true},"name":{"type":"string","description_kind":"plain","required":true}},"description_kind":"plain"}},"extended_attributes":{"nesting_mode":"list","block":{"attributes":{"masked":{"type":"bool","description_kind":"plain","optional":true},"name":{"type":"string","description_kind":"plain","required":true}},"description_kind":"plain"}}},"description_kind":"plain"}},"authentication_policy_contract_mappings":{"nesting_mode":"list","block":{"attributes":{"restrict_virtual_server_ids":{"type":"bool","description_kind":"plain","optional":true},"restricted_virtual_server_ids":{"type":["list","string"],"description_kind":"plain","optional":true}},"block_types":{"attribute_contract_fulfillment":{"nesting_mode":"set","block":{"attributes":{"key_name":{"type":"string","description_kind":"plain","required":true},"value":{"type":"string","description_kind":"plain","optional":true}},"block_types":{"source":{"nesting_mode":"list","block":{"attributes":{"id":{"type":"string","description_kind":"plain","optional":true},"type":{"type":"string","description_kind":"plain","required":true}},"description_kind":"plain"},"min_items":1,"max_items":1}},"description_kind":"plain"},"min_items":1},"authentication_policy_contract_ref":{"nesting_mode":"list","block":{"attributes":{"id":{"type":"string","description_kind":"plain","required":true},"location":{"type":"string","description_kind":"plain","computed":true}},"description_kind":"plain"},"min_items":1,"max_items":1},"custom_attribute_source":{"nesting_mode":"list","block":{"attributes":{"description":{"type":"string","description_kind":"plain","optional":true},"id":{"type":"string","description_kind":"plain","optional":true}},"block_types":{"attribute_contract_fulfillment":{"nesting_mode":"set","block":{"attributes":{"key_name":{"type":"string","description_kind":"plain","required":true},"value":{"type":"string","description_kind":"plain","optional":true}},"block_types":{"source":{"nesting_mode":"list","block":{"attributes":{"id":{"type":"string","description_kind":"plain","optional":true},"type":{"type":"string","description_kind":"plain","required":true}},"description_kind":"plain"},"min_items":1,"max_items":1}},"description_kind":"plain"}},"data_store_ref":{"nesting_mode":"list","block":{"attributes":{"id":{"type":"string","description_kind":"plain","required":true},"location":{"type":"string","description_kind":"plain","computed":true}},"description_kind":"plain"},"min_items":1,"max_items":1},"filter_fields":{"nesting_mode":"list","block":{"attributes":{"name":{"type":"string","description_kind":"plain","required":true},"value":{"type":"string","description_kind":"plain","optional":true}},"description_kind":"plain"},"min_items":1}},"description_kind":"plain"}},"issuance_criteria":{"nesting_mode":"list","block":{"block_types":{"conditional_criteria":{"nesting_mode":"list","block":{"attributes":{"attribute_name":{"type":"string","description_kind":"plain","required":true},"condition":{"type":"string","description_kind":"plain","required":true},"error_result":{"type":"string","description_kind":"plain","optional":true},"value":{"type":"string","description_kind":"plain","required":true}},"block_types":{"source":{"nesting_mode":"list","block":{"attributes":{"id":{"type":"string","description_kind":"plain","optional":true},"type":{"type":"string","description_kind":"plain","required":true}},"description_kind":"plain"},"min_items":1,"max_items":1}},"description_kind":"plain"}},"expression_criteria":{"nesting_mode":"list","block":{"attributes":{"error_result":{"type":"string","description_kind":"plain","optional":true},"expression":{"type":"string","description_kind":"plain","required":true}},"description_kind":"plain"}}},"description_kind":"plain"}},"jdbc_attribute_source":{"nesting_mode":"list","block":{"attributes":{"description":{"type":"string","description_kind":"plain","optional":true},"filter":{"type":"string","description_kind":"plain","required":true},"id":{"type":"string","description_kind":"plain","optional":true},"schema":{"type":"string","description_kind":"plain","optional":true},"table":{"type":"string","description_kind":"plain","required":true}},"block_types":{"attribute_contract_fulfillment":{"nesting_mode":"set","block":{"attributes":{"key_name":{"type":"string","description_kind":"plain","required":true},"value":{"type":"string","description_kind":"plain","optional":true}},"block_types":{"source":{"nesting_mode":"list","block":{"attributes":{"id":{"type":"string","description_kind":"plain","optional":true},"type":{"type":"string","description_kind":"plain","required":true}},"description_kind":"plain"},"min_items":1,"max_items":1}},"description_kind":"plain"}},"data_store_ref":{"nesting_mode":"list","block":{"attributes":{"id":{"type":"string","description_kind":"plain","required":true},"location":{"type":"string","description_kind":"plain","computed":true}},"description_kind":"plain"},"min_items":1,"max_items":1}},"description_kind":"plain"}},"ldap_attribute_source":{"nesting_mode":"list","block":{"attributes":{"base_dn":{"type":"string","description_kind":"plain","optional":true},"binary_attribute_settings":{"type":["map","string"],"description_kind":"plain","optional":true},"description":{"type":"string","description_kind":"plain","optional":true},"id":{"type":"string","description_kind":"plain","optional":true},"member_of_nested_group":{"type":"bool","description_kind":"plain","optional":true},"search_filter":{"type":"string","description_kind":"plain","required":true},"search_scope":{"type":"string","description_kind":"plain","required":true}},"block_types":{"attribute_contract_fulfillment":{"nesting_mode":"set","block":{"attributes":{"key_name":{"type":"string","description_kind":"plain","required":true},"value":{"type":"string","description_kind":"plain","optional":true}},"block_types":{"source":{"nesting_mode":"list","block":{"attributes":{"id":{"type":"string","description_kind":"plain","optional":true},"type":{"type":"string","description_kind":"plain","required":true}},"description_kind":"plain"},"min_items":1,"max_items":1}},"description_kind":"plain"}},"data_store_ref":{"nesting_mode":"list","block":{"attributes":{"id":{"type":"string","description_kind":"plain","required":true},"location":{"type":"string","description_kind":"plain","computed":true}},"description_kind":"plain"},"min_items":1,"max_items":1}},"description_kind":"plain"}}},"description_kind":"plain"}},"authn_context_mappings":{"nesting_mode":"list","block":{"attributes":{"local":{"type":"string","description_kind":"plain","optional":true},"remote":{"type":"string","description_kind":"plain","optional":true}},"description_kind":"plain"}},"decryption_policy":{"nesting_mode":"list","block":{"attributes":{"assertion_encrypted":{"type":"bool","description_kind":"plain","optional":true},"attributes_encrypted":{"type":"bool","description_kind":"plain","optional":true},"slo_encrypt_subject_name_id":{"type":"bool","description_kind":"plain","optional":true},"slo_subject_name_id_encrypted":{"type":"bool","description_kind":"plain","optional":true},"subject_name_id_encrypted":{"type":"bool","description_kind":"plain","optional":true}},"description_kind":"plain"}},"message_customizations":{"nesting_mode":"list","block":{"attributes":{"context_name":{"type":"string","description_kind":"plain","optional":true},"message_expression":{"type":"string","description_kind":"plain","optional":true}},"description_kind":"plain"}},"oauth_authentication_policy_contract_ref":{"nesting_mode":"list","block":{"attributes":{"id":{"type":"string","description_kind":"plain","required":true},"location":{"type":"string","description_kind":"plain","computed":true}},"description_kind":"plain"},"min_items":1,"max_items":1},"oidc_provider_settings":{"nesting_mode":"list","block":{"attributes":{"authentication_scheme":{"type":"string","description_kind":"plain","optional":true},"authentication_signing_algorithm":{"type":"string","description_kind":"plain","optional":true},"authorization_endpoint":{"type":"string","description_kind":"plain","required":true},"jwks_url":{"type":"string","description_kind":"plain","required":true},"login_type":{"type":"string","description_kind":"plain","required":true},"request_signing_algorithm":{"type":"string","description_kind":"plain","optional":true},"scopes":{"type":"string","description_kind":"plain","required":true},"token_endpoint":{"type":"string","description_kind":"plain","optional":true},"user_info_endpoint":{"type":"string","description_kind":"plain","optional":true}},"block_types":{"request_parameters":{"nesting_mode":"list","block":{"attributes":{"application_endpoint_override":{"type":"bool","description_kind":"plain","required":true},"name":{"type":"string","description_kind":"plain","required":true},"value":{"type":"string","description_kind":"plain","required":true}},"description_kind":"plain"}}},"description_kind":"plain"}},"slo_service_endpoints":{"nesting_mode":"list","block":{"attributes":{"binding":{"type":"string","description_kind":"plain","required":true},"response_url":{"type":"string","description_kind":"plain","optional":true},"url":{"type":"string","description_kind":"plain","required":true}},"description_kind":"plain"}},"sso_o_auth_mapping":{"nesting_mode":"list","block":{"block_types":{"attribute_contract_fulfillment":{"nesting_mode":"set","block":{"attributes":{"key_name":{"type":"string","description_kind":"plain","required":true},"value":{"type":"string","description_kind":"plain","optional":true}},"block_types":{"source":{"nesting_mode":"list","block":{"attributes":{"id":{"type":"string","description_kind":"plain","optional":true},"type":{"type":"string","description_kind":"plain","required":true}},"description_kind":"plain"},"min_items":1,"max_items":1}},"description_kind":"plain"},"min_items":1},"custom_attribute_source":{"nesting_mode":"list","block":{"attributes":{"description":{"type":"string","description_kind":"plain","optional":true},"id":{"type":"string","description_kind":"plain","optional":true}},"block_types":{"attribute_contract_fulfillment":{"nesting_mode":"set","block":{"attributes":{"key_name":{"type":"string","description_kind":"plain","required":true},"value":{"type":"string","description_kind":"plain","optional":true}},"block_types":{"source":{"nesting_mode":"list","block":{"attributes":{"id":{"type":"string","description_kind":"plain","optional":true},"type":{"type":"string","description_kind":"plain","required":true}},"description_kind":"plain"},"min_items":1,"max_items":1}},"description_kind":"plain"}},"data_store_ref":{"nesting_mode":"list","block":{"attributes":{"id":{"type":"string","description_kind":"plain","required":true},"location":{"type":"string","description_kind":"plain","computed":true}},"description_kind":"plain"},"min_items":1,"max_items":1},"filter_fields":{"nesting_mode":"list","block":{"attributes":{"name":{"type":"string","description_kind":"plain","required":true},"value":{"type":"string","description_kind":"plain","optional":true}},"description_kind":"plain"},"min_items":1}},"description_kind":"plain"}},"issuance_criteria":{"nesting_mode":"list","block":{"block_types":{"conditional_criteria":{"nesting_mode":"list","block":{"attributes":{"attribute_name":{"type":"string","description_kind":"plain","required":true},"condition":{"type":"string","description_kind":"plain","required":true},"error_result":{"type":"string","description_kind":"plain","optional":true},"value":{"type":"string","description_kind":"plain","required":true}},"block_types":{"source":{"nesting_mode":"list","block":{"attributes":{"id":{"type":"string","description_kind":"plain","optional":true},"type":{"type":"string","description_kind":"plain","required":true}},"description_kind":"plain"},"min_items":1,"max_items":1}},"description_kind":"plain"}},"expression_criteria":{"nesting_mode":"list","block":{"attributes":{"error_result":{"type":"string","description_kind":"plain","optional":true},"expression":{"type":"string","description_kind":"plain","required":true}},"description_kind":"plain"}}},"description_kind":"plain"}},"jdbc_attribute_source":{"nesting_mode":"list","block":{"attributes":{"description":{"type":"string","description_kind":"plain","optional":true},"filter":{"type":"string","description_kind":"plain","required":true},"id":{"type":"string","description_kind":"plain","optional":true},"schema":{"type":"string","description_kind":"plain","optional":true},"table":{"type":"string","description_kind":"plain","required":true}},"block_types":{"attribute_contract_fulfillment":{"nesting_mode":"set","block":{"attributes":{"key_name":{"type":"string","description_kind":"plain","required":true},"value":{"type":"string","description_kind":"plain","optional":true}},"block_types":{"source":{"nesting_mode":"list","block":{"attributes":{"id":{"type":"string","description_kind":"plain","optional":true},"type":{"type":"string","description_kind":"plain","required":true}},"description_kind":"plain"},"min_items":1,"max_items":1}},"description_kind":"plain"}},"data_store_ref":{"nesting_mode":"list","block":{"attributes":{"id":{"type":"string","description_kind":"plain","required":true},"location":{"type":"string","description_kind":"plain","computed":true}},"description_kind":"plain"},"min_items":1,"max_items":1}},"description_kind":"plain"}},"ldap_attribute_source":{"nesting_mode":"list","block":{"attributes":{"base_dn":{"type":"string","description_kind":"plain","optional":true},"binary_attribute_settings":{"type":["map","string"],"description_kind":"plain","optional":true},"description":{"type":"string","description_kind":"plain","optional":true},"id":{"type":"string","description_kind":"plain","optional":true},"member_of_nested_group":{"type":"bool","description_kind":"plain","optional":true},"search_filter":{"type":"string","description_kind":"plain","required":true},"search_scope":{"type":"string","description_kind":"plain","required":true}},"block_types":{"attribute_contract_fulfillment":{"nesting_mode":"set","block":{"attributes":{"key_name":{"type":"string","description_kind":"plain","required":true},"value":{"type":"string","description_kind":"plain","optional":true}},"block_types":{"source":{"nesting_mode":"list","block":{"attributes":{"id":{"type":"string","description_kind":"plain","optional":true},"type":{"type":"string","description_kind":"plain","required":true}},"description_kind":"plain"},"min_items":1,"max_items":1}},"description_kind":"plain"}},"data_store_ref":{"nesting_mode":"list","block":{"attributes":{"id":{"type":"string","description_kind":"plain","required":true},"location":{"type":"string","description_kind":"plain","computed":true}},"description_kind":"plain"},"min_items":1,"max_items":1}},"description_kind":"plain"}}},"description_kind":"plain"}},"sso_service_endpoints":{"nesting_mode":"list","block":{"attributes":{"binding":{"type":"string","description_kind":"plain","required":true},"url":{"type":"string","description_kind":"plain","required":true}},"description_kind":"plain"}},"url_whitelist_entries":{"nesting_mode":"list","block":{"attributes":{"allow_query_and_fragment":{"type":"bool","description_kind":"plain","optional":true},"require_https":{"type":"bool","description_kind":"plain","optional":true},"valid_domain":{"type":"string","description_kind":"plain","optional":true},"valid_path":{"type":"string","description_kind":"plain","optional":true}},"description_kind":"plain"}}},"description_kind":"plain"}},"idp_oauth_grant_attribute_mapping":{"nesting_mode":"list","block":{"block_types":{"access_token_manager_mappings":{"nesting_mode":"list","block":{"block_types":{"access_token_manager_ref":{"nesting_mode":"list","block":{"attributes":{"id":{"type":"string","description_kind":"plain","required":true},"location":{"type":"string","description_kind":"plain","computed":true}},"description_kind":"plain"},"min_items":1,"max_items":1},"attribute_contract_fulfillment":{"nesting_mode":"set","block":{"attributes":{"key_name":{"type":"string","description_kind":"plain","required":true},"value":{"type":"string","description_kind":"plain","optional":true}},"block_types":{"source":{"nesting_mode":"list","block":{"attributes":{"id":{"type":"string","description_kind":"plain","optional":true},"type":{"type":"string","description_kind":"plain","required":true}},"description_kind":"plain"},"min_items":1,"max_items":1}},"description_kind":"plain"},"min_items":1},"custom_attribute_source":{"nesting_mode":"list","block":{"attributes":{"description":{"type":"string","description_kind":"plain","optional":true},"id":{"type":"string","description_kind":"plain","optional":true}},"block_types":{"attribute_contract_fulfillment":{"nesting_mode":"set","block":{"attributes":{"key_name":{"type":"string","description_kind":"plain","required":true},"value":{"type":"string","description_kind":"plain","optional":true}},"block_types":{"source":{"nesting_mode":"list","block":{"attributes":{"id":{"type":"string","description_kind":"plain","optional":true},"type":{"type":"string","description_kind":"plain","required":true}},"description_kind":"plain"},"min_items":1,"max_items":1}},"description_kind":"plain"}},"data_store_ref":{"nesting_mode":"list","block":{"attributes":{"id":{"type":"string","description_kind":"plain","required":true},"location":{"type":"string","description_kind":"plain","computed":true}},"description_kind":"plain"},"min_items":1,"max_items":1},"filter_fields":{"nesting_mode":"list","block":{"attributes":{"name":{"type":"string","description_kind":"plain","required":true},"value":{"type":"string","description_kind":"plain","optional":true}},"description_kind":"plain"},"min_items":1}},"description_kind":"plain"}},"issuance_criteria":{"nesting_mode":"list","block":{"block_types":{"conditional_criteria":{"nesting_mode":"list","block":{"attributes":{"attribute_name":{"type":"string","description_kind":"plain","required":true},"condition":{"type":"string","description_kind":"plain","required":true},"error_result":{"type":"string","description_kind":"plain","optional":true},"value":{"type":"string","description_kind":"plain","required":true}},"block_types":{"source":{"nesting_mode":"list","block":{"attributes":{"id":{"type":"string","description_kind":"plain","optional":true},"type":{"type":"string","description_kind":"plain","required":true}},"description_kind":"plain"},"min_items":1,"max_items":1}},"description_kind":"plain"}},"expression_criteria":{"nesting_mode":"list","block":{"attributes":{"error_result":{"type":"string","description_kind":"plain","optional":true},"expression":{"type":"string","description_kind":"plain","required":true}},"description_kind":"plain"}}},"description_kind":"plain"}},"jdbc_attribute_source":{"nesting_mode":"list","block":{"attributes":{"description":{"type":"string","description_kind":"plain","optional":true},"filter":{"type":"string","description_kind":"plain","required":true},"id":{"type":"string","description_kind":"plain","optional":true},"schema":{"type":"string","description_kind":"plain","optional":true},"table":{"type":"string","description_kind":"plain","required":true}},"block_types":{"attribute_contract_fulfillment":{"nesting_mode":"set","block":{"attributes":{"key_name":{"type":"string","description_kind":"plain","required":true},"value":{"type":"string","description_kind":"plain","optional":true}},"block_types":{"source":{"nesting_mode":"list","block":{"attributes":{"id":{"type":"string","description_kind":"plain","optional":true},"type":{"type":"string","description_kind":"plain","required":true}},"description_kind":"plain"},"min_items":1,"max_items":1}},"description_kind":"plain"}},"data_store_ref":{"nesting_mode":"list","block":{"attributes":{"id":{"type":"string","description_kind":"plain","required":true},"location":{"type":"string","description_kind":"plain","computed":true}},"description_kind":"plain"},"min_items":1,"max_items":1}},"description_kind":"plain"}},"ldap_attribute_source":{"nesting_mode":"list","block":{"attributes":{"base_dn":{"type":"string","description_kind":"plain","optional":true},"binary_attribute_settings":{"type":["map","string"],"description_kind":"plain","optional":true},"description":{"type":"string","description_kind":"plain","optional":true},"id":{"type":"string","description_kind":"plain","optional":true},"member_of_nested_group":{"type":"bool","description_kind":"plain","optional":true},"search_filter":{"type":"string","description_kind":"plain","required":true},"search_scope":{"type":"string","description_kind":"plain","required":true}},"block_types":{"attribute_contract_fulfillment":{"nesting_mode":"set","block":{"attributes":{"key_name":{"type":"string","description_kind":"plain","required":true},"value":{"type":"string","description_kind":"plain","optional":true}},"block_types":{"source":{"nesting_mode":"list","block":{"attributes":{"id":{"type":"string","description_kind":"plain","optional":true},"type":{"type":"string","description_kind":"plain","required":true}},"description_kind":"plain"},"min_items":1,"max_items":1}},"description_kind":"plain"}},"data_store_ref":{"nesting_mode":"list","block":{"attributes":{"id":{"type":"string","description_kind":"plain","required":true},"location":{"type":"string","description_kind":"plain","computed":true}},"description_kind":"plain"},"min_items":1,"max_items":1}},"description_kind":"plain"}}},"description_kind":"plain"}},"idp_o_auth_attribute_contract":{"nesting_mode":"list","block":{"block_types":{"core_attributes":{"nesting_mode":"list","block":{"attributes":{"masked":{"type":"bool","description_kind":"plain","optional":true},"name":{"type":"string","description_kind":"plain","required":true}},"description_kind":"plain"}},"extended_attributes":{"nesting_mode":"list","block":{"attributes":{"masked":{"type":"bool","description_kind":"plain","optional":true},"name":{"type":"string","description_kind":"plain","required":true}},"description_kind":"plain"}}},"description_kind":"plain"}}},"description_kind":"plain"}},"metadata_reload_settings":{"nesting_mode":"list","block":{"attributes":{"enable_auto_metadata_update":{"type":"bool","description_kind":"plain","optional":true}},"block_types":{"metadata_url_ref":{"nesting_mode":"list","block":{"attributes":{"id":{"type":"string","description_kind":"plain","required":true},"location":{"type":"string","description_kind":"plain","computed":true}},"description_kind":"plain"},"min_items":1,"max_items":1}},"description_kind":"plain"}},"oidc_client_credentials":{"nesting_mode":"list","block":{"attributes":{"client_id":{"type":"string","description_kind":"plain","required":true},"client_secret":{"type":"string","description_kind":"plain","optional":true},"encrypted_secret":{"type":"string","description_kind":"plain","optional":true}},"description_kind":"plain"}},"ws_trust":{"nesting_mode":"list","block":{"attributes":{"generate_local_token":{"type":"bool","description_kind":"plain","required":true}},"block_types":{"attribute_contract":{"nesting_mode":"list","block":{"block_types":{"core_attributes":{"nesting_mode":"list","block":{"attributes":{"masked":{"type":"bool","description_kind":"plain","optional":true},"name":{"type":"string","description_kind":"plain","required":true}},"description_kind":"plain"}},"extended_attributes":{"nesting_mode":"list","block":{"attributes":{"masked":{"type":"bool","description_kind":"plain","optional":true},"name":{"type":"string","description_kind":"plain","required":true}},"description_kind":"plain"}}},"description_kind":"plain"},"min_items":1},"token_generator_mappings":{"nesting_mode":"list","block":{"attributes":{"default_mapping":{"type":"bool","description_kind":"plain","optional":true},"restricted_virtual_entity_ids":{"type":["list","string"],"description_kind":"plain","optional":true}},"block_types":{"attribute_contract_fulfillment":{"nesting_mode":"set","block":{"attributes":{"key_name":{"type":"string","description_kind":"plain","required":true},"value":{"type":"string","description_kind":"plain","optional":true}},"block_types":{"source":{"nesting_mode":"list","block":{"attributes":{"id":{"type":"string","description_kind":"plain","optional":true},"type":{"type":"string","description_kind":"plain","required":true}},"description_kind":"plain"},"min_items":1,"max_items":1}},"description_kind":"plain"},"min_items":1},"custom_attribute_source":{"nesting_mode":"list","block":{"attributes":{"description":{"type":"string","description_kind":"plain","optional":true},"id":{"type":"string","description_kind":"plain","optional":true}},"block_types":{"attribute_contract_fulfillment":{"nesting_mode":"set","block":{"attributes":{"key_name":{"type":"string","description_kind":"plain","required":true},"value":{"type":"string","description_kind":"plain","optional":true}},"block_types":{"source":{"nesting_mode":"list","block":{"attributes":{"id":{"type":"string","description_kind":"plain","optional":true},"type":{"type":"string","description_kind":"plain","required":true}},"description_kind":"plain"},"min_items":1,"max_items":1}},"description_kind":"plain"}},"data_store_ref":{"nesting_mode":"list","block":{"attributes":{"id":{"type":"string","description_kind":"plain","required":true},"location":{"type":"string","description_kind":"plain","computed":true}},"description_kind":"plain"},"min_items":1,"max_items":1},"filter_fields":{"nesting_mode":"list","block":{"attributes":{"name":{"type":"string","description_kind":"plain","required":true},"value":{"type":"string","description_kind":"plain","optional":true}},"description_kind":"plain"},"min_items":1}},"description_kind":"plain"}},"issuance_criteria":{"nesting_mode":"list","block":{"block_types":{"conditional_criteria":{"nesting_mode":"list","block":{"attributes":{"attribute_name":{"type":"string","description_kind":"plain","required":true},"condition":{"type":"string","description_kind":"plain","required":true},"error_result":{"type":"string","description_kind":"plain","optional":true},"value":{"type":"string","description_kind":"plain","required":true}},"block_types":{"source":{"nesting_mode":"list","block":{"attributes":{"id":{"type":"string","description_kind":"plain","optional":true},"type":{"type":"string","description_kind":"plain","required":true}},"description_kind":"plain"},"min_items":1,"max_items":1}},"description_kind":"plain"}},"expression_criteria":{"nesting_mode":"list","block":{"attributes":{"error_result":{"type":"string","description_kind":"plain","optional":true},"expression":{"type":"string","description_kind":"plain","required":true}},"description_kind":"plain"}}},"description_kind":"plain"}},"jdbc_attribute_source":{"nesting_mode":"list","block":{"attributes":{"description":{"type":"string","description_kind":"plain","optional":true},"filter":{"type":"string","description_kind":"plain","required":true},"id":{"type":"string","description_kind":"plain","optional":true},"schema":{"type":"string","description_kind":"plain","optional":true},"table":{"type":"string","description_kind":"plain","required":true}},"block_types":{"attribute_contract_fulfillment":{"nesting_mode":"set","block":{"attributes":{"key_name":{"type":"string","description_kind":"plain","required":true},"value":{"type":"string","description_kind":"plain","optional":true}},"block_types":{"source":{"nesting_mode":"list","block":{"attributes":{"id":{"type":"string","description_kind":"plain","optional":true},"type":{"type":"string","description_kind":"plain","required":true}},"description_kind":"plain"},"min_items":1,"max_items":1}},"description_kind":"plain"}},"data_store_ref":{"nesting_mode":"list","block":{"attributes":{"id":{"type":"string","description_kind":"plain","required":true},"location":{"type":"string","description_kind":"plain","computed":true}},"description_kind":"plain"},"min_items":1,"max_items":1}},"description_kind":"plain"}},"ldap_attribute_source":{"nesting_mode":"list","block":{"attributes":{"base_dn":{"type":"string","description_kind":"plain","optional":true},"binary_attribute_settings":{"type":["map","string"],"description_kind":"plain","optional":true},"description":{"type":"string","description_kind":"plain","optional":true},"id":{"type":"string","description_kind":"plain","optional":true},"member_of_nested_group":{"type":"bool","description_kind":"plain","optional":true},"search_filter":{"type":"string","description_kind":"plain","required":true},"search_scope":{"type":"string","description_kind":"plain","required":true}},"block_types":{"attribute_contract_fulfillment":{"nesting_mode":"set","block":{"attributes":{"key_name":{"type":"string","description_kind":"plain","required":true},"value":{"type":"string","description_kind":"plain","optional":true}},"block_types":{"source":{"nesting_mode":"list","block":{"attributes":{"id":{"type":"string","description_kind":"plain","optional":true},"type":{"type":"string","description_kind":"plain","required":true}},"description_kind":"plain"},"min_items":1,"max_items":1}},"description_kind":"plain"}},"data_store_ref":{"nesting_mode":"list","block":{"attributes":{"id":{"type":"string","description_kind":"plain","required":true},"location":{"type":"string","description_kind":"plain","computed":true}},"description_kind":"plain"},"min_items":1,"max_items":1}},"description_kind":"plain"}},"sp_token_generator_ref":{"nesting_mode":"list","block":{"attributes":{"id":{"type":"string","description_kind":"plain","required":true},"location":{"type":"string","description_kind":"plain","computed":true}},"description_kind":"plain"},"min_items":1,"max_items":1}},"description_kind":"plain"}}},"description_kind":"plain"}}},"description_kind":"plain"}}},"data_source_schemas":{"pingfederate_keypair_signing_csr":{"version":0,"block":{"attributes":{"cert_request_pem":{"type":"string","description_kind":"plain","computed":true},"id":{"type":"string","description_kind":"plain","required":true}},"description_kind":"plain"}},"pingfederate_keypair_ssl_server_csr":{"version":0,"block":{"attributes":{"cert_request_pem":{"type":"string","description_kind":"plain","computed":true},"id":{"type":"string","description_kind":"plain","required":true}},"description_kind":"plain"}}}}}}
