{"format_version":"0.2","provider_schemas":{"registry.terraform.io/iyurev/ocpbooster":{"provider":{"version":0,"block":{"attributes":{"installer_path":{"type":"string","description":"Local filesystem path to install - openshift-install tool","description_kind":"markdown","optional":true}},"description_kind":"plain"}},"resource_schemas":{"ocpbooster_cluster":{"version":0,"block":{"attributes":{"add_trust_ca_bundler":{"type":"string","description":"Cluster additional CA trust bundle, '.additionalTrustBundle: in the install-config.yaml","description_kind":"markdown","optional":true},"base_domain":{"type":"string","description":"Cluster base domain, '.baseDomain:' in the install-config.yaml","description_kind":"markdown","required":true},"bootstrap_ign":{"type":"string","description":"Bootstrap ignition configuration bundle, it's content of bootstrap.ign","description_kind":"markdown","computed":true,"sensitive":true},"cluster_ca":{"type":"string","description":"Self-signed ocpbooster_cluster CA","description_kind":"markdown","computed":true},"cluster_id":{"type":"string","description":"Cluster unique ID","description_kind":"markdown","computed":true},"cluster_name":{"type":"string","description":"Cluster name, '.metadata.name:' in the install-config.yaml","description_kind":"markdown","required":true},"id":{"type":"string","description_kind":"plain","optional":true,"computed":true},"kubeadmin_password":{"type":"string","description":"Password for service user account - kubeadmin","description_kind":"markdown","computed":true,"sensitive":true},"kubeconfig":{"type":"string","description":"kubeconfig with super admin credentials","description_kind":"markdown","computed":true,"sensitive":true},"master_ign":{"type":"string","description":"Master node ignition configuration bundle","description_kind":"markdown","computed":true},"offline_mirror":{"type":"string","description":"Mirror for offline ocpbooster_cluster, '.imageContentSources: in the install-config.yaml","description_kind":"markdown","optional":true},"pub_ssh_key":{"type":"string","description":"Public SSH key, '.sshKey:' in the install-config.yaml","description_kind":"markdown","required":true},"pull_secret":{"type":"string","description":"Cluster pull secret, '.pullSecret: in the install-config.yaml","description_kind":"markdown","required":true,"sensitive":true},"worker_ign":{"type":"string","description":"Worker node ignition configuration bundle","description_kind":"markdown","computed":true}},"description":"Initial configuration for installing a new OpenShift ocpbooster_cluster","description_kind":"markdown"}}}}}}
