{"format_version":"0.2","provider_schemas":{"registry.terraform.io/jameswoolfenden/bridgecrew":{"provider":{"version":0,"block":{"attributes":{"token":{"type":"string","description":"API Token for Bridgecrew","description_kind":"plain","optional":true,"sensitive":true},"url":{"type":"string","description":"URL for the Bridgecrew Platform","description_kind":"plain","optional":true}},"description_kind":"plain"}},"resource_schemas":{"bridgecrew_policy":{"version":0,"block":{"attributes":{"cloud_provider":{"type":"string","description":"The Cloud provider this is for e.g. - aws, gcp, azure.","description_kind":"plain","required":true},"file":{"type":"string","description":"This is the name of the YAML policy file.","description_kind":"plain","required":true},"frameworks":{"type":["list","string"],"description":"Which IAC framework is this policy targeting.","description_kind":"plain","required":true},"id":{"type":"string","description_kind":"plain","computed":true},"last_updated":{"type":"string","description_kind":"plain","optional":true,"computed":true},"source_code_hash":{"type":"string","description":"By providing the source code hash change to the YAML file can be caught and the resource updated.","description_kind":"plain","optional":true,"computed":true}},"block_types":{"benchmarks":{"nesting_mode":"set","block":{"attributes":{"cis_aws_v12":{"type":["list","string"],"description_kind":"plain","optional":true},"cis_aws_v13":{"type":["list","string"],"description_kind":"plain","optional":true},"cis_azure_v11":{"type":["list","string"],"description_kind":"plain","optional":true},"cis_azure_v12":{"type":["list","string"],"description_kind":"plain","optional":true},"cis_azure_v13":{"type":["list","string"],"description_kind":"plain","optional":true},"cis_docker_v11":{"type":["list","string"],"description_kind":"plain","optional":true},"cis_eks_v11":{"type":["list","string"],"description_kind":"plain","optional":true},"cis_gcp_v11":{"type":["list","string"],"description_kind":"plain","optional":true},"cis_gke_v11":{"type":["list","string"],"description_kind":"plain","optional":true},"cis_kubernetes_v15":{"type":["list","string"],"description_kind":"plain","optional":true},"cis_kubernetes_v16":{"type":["list","string"],"description_kind":"plain","optional":true}},"description":"This associates the check to one or many compliance frameworks.","description_kind":"plain"},"max_items":1}},"description_kind":"plain"}},"bridgecrew_simple_policy":{"version":0,"block":{"attributes":{"category":{"type":"string","description":"Check category for grouping similar checks.","description_kind":"plain","required":true},"cloud_provider":{"type":"string","description":"The Cloud provider this is for e.g. - aws, gcp, azure.","description_kind":"plain","required":true},"conditions":{"type":"string","description":"Conditions captures the actual check logic","description_kind":"plain","required":true},"frameworks":{"type":["list","string"],"description":"Which IAC framework is this policy targeting.","description_kind":"plain","required":true},"guidelines":{"type":"string","description":"A detailed description helps you understand why the check was written and should include details on how to fix the violation. The field must more than 50 chars in it, to encourage detail.","description_kind":"plain","required":true},"id":{"type":"string","description_kind":"plain","computed":true},"last_updated":{"type":"string","description_kind":"plain","optional":true,"computed":true},"severity":{"type":"string","description":"Severity category allows you to indicate importance and this value can determine build or PR failure in the platform.","description_kind":"plain","required":true},"title":{"type":"string","description":"The title of the check, needs to be longer than 20 chars - an effort to ensure detailed names.","description_kind":"plain","required":true}},"block_types":{"benchmarks":{"nesting_mode":"set","block":{"attributes":{"cis_aws_v12":{"type":["list","string"],"description_kind":"plain","optional":true},"cis_aws_v13":{"type":["list","string"],"description_kind":"plain","optional":true},"cis_azure_v11":{"type":["list","string"],"description_kind":"plain","optional":true},"cis_azure_v12":{"type":["list","string"],"description_kind":"plain","optional":true},"cis_azure_v13":{"type":["list","string"],"description_kind":"plain","optional":true},"cis_docker_v11":{"type":["list","string"],"description_kind":"plain","optional":true},"cis_eks_v11":{"type":["list","string"],"description_kind":"plain","optional":true},"cis_gcp_v11":{"type":["list","string"],"description_kind":"plain","optional":true},"cis_gke_v11":{"type":["list","string"],"description_kind":"plain","optional":true},"cis_kubernetes_v15":{"type":["list","string"],"description_kind":"plain","optional":true},"cis_kubernetes_v16":{"type":["list","string"],"description_kind":"plain","optional":true}},"description":"This associates the check to one or many compliance frameworks.","description_kind":"plain"},"max_items":1}},"description_kind":"plain"}}},"data_source_schemas":{"bridgecrew_apitokens":{"version":0,"block":{"attributes":{"apitokens":{"type":["list",["object",{"alias":"string","createdon":"string","description":"string","userid":"string","uuid":"string"}]],"description_kind":"plain","computed":true},"id":{"type":"string","description_kind":"plain","optional":true,"computed":true}},"description_kind":"plain"}},"bridgecrew_errors":{"version":0,"block":{"attributes":{"errors":{"type":["list",["object",{"creationdate":"string","defaultbranch":"string","id":"string","ispublic":"bool","owner":"string","repository":"string","source":"string"}]],"description_kind":"plain","computed":true},"id":{"type":"string","description_kind":"plain","optional":true,"computed":true}},"description_kind":"plain"}},"bridgecrew_integrations":{"version":0,"block":{"attributes":{"id":{"type":"string","description_kind":"plain","optional":true,"computed":true},"integrations":{"type":["set",["object",{"enable":"bool","id":"string","integration_details":"string","params":"string","sf_execution_name":"string","status":"string","type":"string"}]],"description_kind":"plain","computed":true}},"description_kind":"plain"}},"bridgecrew_policies":{"version":0,"block":{"attributes":{"id":{"type":"string","description_kind":"plain","optional":true,"computed":true},"policies":{"type":["set",["object",{"accountsdata":["set",["object",{"amounts":["map","number"],"lastupdatedate":"string","repository":"string"}]],"benchmarks":["set",["object",{"benchmark":"string","version":["list","string"]}]],"category":"string","cloud_provider":"string","code":"string","condition_query":"string","constructive_title":"string","createdby":"string","descriptive_title":"string","guideline":"string","id":"string","iscustom":"bool","resource_types":["list","string"],"severity":"string","title":"string"}]],"description_kind":"plain","computed":true}},"description_kind":"plain"}},"bridgecrew_repositories":{"version":0,"block":{"attributes":{"id":{"type":"string","description_kind":"plain","optional":true,"computed":true},"repositories":{"type":["list",["object",{"creationdate":"string","defaultbranch":"string","id":"string","ispublic":"bool","owner":"string","repository":"string","source":"string"}]],"description_kind":"plain","computed":true}},"description_kind":"plain"}},"bridgecrew_repository_branches":{"version":0,"block":{"attributes":{"id":{"type":"string","description_kind":"plain","optional":true,"computed":true},"repositoriesbranches":{"type":["list",["object",{}]],"description_kind":"plain","computed":true},"target":{"type":"string","description_kind":"plain","required":true}},"description_kind":"plain"}},"bridgecrew_suppressions":{"version":0,"block":{"attributes":{"id":{"type":"string","description_kind":"plain","optional":true,"computed":true},"suppressions":{"type":["list",["object",{"comment":"string","creationdate":"string","id":"string","policyid":"string","resources":["list",["object",{"accountid":"string","resourceid":"string"}]],"suppressiontype":"string"}]],"description_kind":"plain","computed":true}},"description_kind":"plain"}},"bridgecrew_users":{"version":0,"block":{"attributes":{"id":{"type":"string","description_kind":"plain","optional":true,"computed":true},"users":{"type":["list",["object",{"accounts":["list","string"],"customername":"string","email":"string","lastmodified":"number","role":"string"}]],"description_kind":"plain","computed":true}},"description_kind":"plain"}}}}}}
