{"format_version":"0.2","provider_schemas":{"registry.terraform.io/jasoares/lastpass":{"provider":{"version":0,"block":{"attributes":{"password":{"type":"string","description":"Lastpass login password","description_kind":"plain","required":true,"sensitive":true},"username":{"type":"string","description":"Lastpass login e-mail","description_kind":"plain","required":true}},"description_kind":"plain"}},"resource_schemas":{"lastpass_secret":{"version":0,"block":{"attributes":{"fullname":{"type":"string","description_kind":"plain","computed":true},"group":{"type":"string","description_kind":"plain","computed":true},"id":{"type":"string","description_kind":"plain","optional":true,"computed":true},"last_modified_gmt":{"type":"string","description_kind":"plain","computed":true},"last_touch":{"type":"string","description_kind":"plain","computed":true},"name":{"type":"string","description_kind":"plain","required":true},"note":{"type":"string","description":"The secret note content.","description_kind":"plain","optional":true,"computed":true,"sensitive":true},"password":{"type":"string","description_kind":"plain","optional":true,"computed":true,"sensitive":true},"url":{"type":"string","description_kind":"plain","optional":true,"computed":true},"username":{"type":"string","description_kind":"plain","optional":true,"computed":true}},"description_kind":"plain"}}},"data_source_schemas":{"lastpass_secret":{"version":0,"block":{"attributes":{"custom_fields":{"type":["map","string"],"description_kind":"plain","computed":true,"sensitive":true},"fullname":{"type":"string","description_kind":"plain","computed":true},"group":{"type":"string","description_kind":"plain","computed":true},"id":{"type":"string","description_kind":"plain","required":true},"last_modified_gmt":{"type":"string","description_kind":"plain","computed":true},"last_touch":{"type":"string","description_kind":"plain","computed":true},"name":{"type":"string","description_kind":"plain","computed":true},"note":{"type":"string","description_kind":"plain","computed":true,"sensitive":true},"password":{"type":"string","description_kind":"plain","computed":true,"sensitive":true},"url":{"type":"string","description_kind":"plain","computed":true},"username":{"type":"string","description_kind":"plain","computed":true}},"description_kind":"plain"}}}}}}
