{"format_version":"0.2","provider_schemas":{"registry.terraform.io/jdamata/sonarqube":{"provider":{"version":0,"block":{"attributes":{"host":{"type":"string","description_kind":"plain","required":true},"installed_version":{"type":"string","description_kind":"plain","optional":true},"pass":{"type":"string","description_kind":"plain","required":true},"tls_insecure_skip_verify":{"type":"bool","description":"Allows ignoring insecure certificates when set to true. Defaults to false. Disabling TLS verification is dangerous and should only be done for local testing.","description_kind":"plain","optional":true},"user":{"type":"string","description_kind":"plain","required":true}},"description_kind":"plain"}},"resource_schemas":{"sonarqube_group":{"version":0,"block":{"attributes":{"description":{"type":"string","description_kind":"plain","optional":true},"id":{"type":"string","description_kind":"plain","optional":true,"computed":true},"name":{"type":"string","description_kind":"plain","required":true}},"description_kind":"plain"}},"sonarqube_permission_template":{"version":0,"block":{"attributes":{"description":{"type":"string","description_kind":"plain","optional":true},"id":{"type":"string","description_kind":"plain","optional":true,"computed":true},"name":{"type":"string","description_kind":"plain","required":true},"project_key_pattern":{"type":"string","description_kind":"plain","optional":true}},"description_kind":"plain"}},"sonarqube_permissions":{"version":0,"block":{"attributes":{"group_name":{"type":"string","description_kind":"plain","optional":true},"id":{"type":"string","description_kind":"plain","optional":true,"computed":true},"login_name":{"type":"string","description_kind":"plain","optional":true},"permissions":{"type":["list","string"],"description_kind":"plain","required":true},"project_key":{"type":"string","description_kind":"plain","optional":true},"template_id":{"type":"string","description_kind":"plain","optional":true},"template_name":{"type":"string","description_kind":"plain","optional":true}},"description_kind":"plain"}},"sonarqube_plugin":{"version":0,"block":{"attributes":{"id":{"type":"string","description_kind":"plain","optional":true,"computed":true},"key":{"type":"string","description_kind":"plain","required":true}},"description_kind":"plain"}},"sonarqube_project":{"version":0,"block":{"attributes":{"id":{"type":"string","description_kind":"plain","optional":true,"computed":true},"name":{"type":"string","description_kind":"plain","required":true},"project":{"type":"string","description_kind":"plain","required":true},"visibility":{"type":"string","description_kind":"plain","optional":true}},"description_kind":"plain"}},"sonarqube_qualitygate":{"version":0,"block":{"attributes":{"id":{"type":"string","description_kind":"plain","optional":true,"computed":true},"is_default":{"type":"bool","description":"Name of the quality gate to set as default","description_kind":"plain","optional":true},"name":{"type":"string","description_kind":"plain","required":true}},"description_kind":"plain"}},"sonarqube_qualitygate_condition":{"version":0,"block":{"attributes":{"gateid":{"type":"string","description_kind":"plain","optional":true},"gatename":{"type":"string","description_kind":"plain","optional":true},"id":{"type":"string","description_kind":"plain","optional":true,"computed":true},"metric":{"type":"string","description_kind":"plain","required":true},"op":{"type":"string","description_kind":"plain","required":true},"threshold":{"type":"string","description_kind":"plain","required":true}},"description_kind":"plain"}},"sonarqube_qualitygate_project_association":{"version":0,"block":{"attributes":{"gateid":{"type":"string","description_kind":"plain","optional":true},"gatename":{"type":"string","description_kind":"plain","optional":true},"id":{"type":"string","description_kind":"plain","optional":true,"computed":true},"projectkey":{"type":"string","description_kind":"plain","required":true}},"description_kind":"plain"}},"sonarqube_qualityprofile":{"version":0,"block":{"attributes":{"id":{"type":"string","description_kind":"plain","optional":true,"computed":true},"is_default":{"type":"bool","description":"Is the default profile","description_kind":"plain","optional":true},"key":{"type":"string","description":"Quality profile key","description_kind":"plain","computed":true},"language":{"type":"string","description":"Quality profile language","description_kind":"plain","required":true},"name":{"type":"string","description":"Quality profile name","description_kind":"plain","required":true},"parent":{"type":"string","description_kind":"plain","optional":true}},"description_kind":"plain"}},"sonarqube_qualityprofile_activate_rule":{"version":0,"block":{"attributes":{"id":{"type":"string","description_kind":"plain","optional":true,"computed":true},"key":{"type":"string","description":"Quality Profile key. Can be obtained through api/qualityprofiles/search","description_kind":"plain","required":true},"params":{"type":"string","description":"Parameters as semi-colon list of =, for example 'params=key1=v1;key2=v2' (Only for custom rule)","description_kind":"plain","optional":true},"reset":{"type":"string","description":"Reset severity and parameters of activated rule. Set the values defined on parent profile or from rule default values.","description_kind":"plain","optional":true},"rule":{"type":"string","description":"Rule key","description_kind":"plain","required":true},"severity":{"type":"string","description":"Rule severity","description_kind":"plain","optional":true}},"description_kind":"plain"}},"sonarqube_qualityprofile_project_association":{"version":0,"block":{"attributes":{"id":{"type":"string","description_kind":"plain","optional":true,"computed":true},"language":{"type":"string","description":"Quality profile language","description_kind":"plain","required":true},"project":{"type":"string","description":"Project name","description_kind":"plain","required":true},"quality_profile":{"type":"string","description":"Quality profile name","description_kind":"plain","required":true}},"description_kind":"plain"}},"sonarqube_rule":{"version":0,"block":{"attributes":{"custom_key":{"type":"string","description":"Key of the custom rule","description_kind":"plain","required":true},"id":{"type":"string","description_kind":"plain","optional":true,"computed":true},"markdown_description":{"type":"string","description":"Rule description","description_kind":"plain","required":true},"name":{"type":"string","description":"Rule name","description_kind":"plain","required":true},"params":{"type":"string","description":"Parameters as semi-colon list of =, for example 'params=key1=v1;key2=v2' (Only for custom rule)","description_kind":"plain","optional":true},"prevent_reactivation":{"type":"string","description":"If set to true and if the rule has been deactivated (status 'REMOVED'), a status 409 will be returned","description_kind":"plain","optional":true},"severity":{"type":"string","description":"Rule severity","description_kind":"plain","optional":true},"status":{"type":"string","description":"Rule status","description_kind":"plain","optional":true},"template_key":{"type":"string","description":"Key of the template rule in order to create a custom rule (mandatory for custom rule)","description_kind":"plain","required":true},"type":{"type":"string","description":"Rule type","description_kind":"plain","optional":true}},"description_kind":"plain"}},"sonarqube_user":{"version":0,"block":{"attributes":{"email":{"type":"string","description_kind":"plain","optional":true},"id":{"type":"string","description_kind":"plain","optional":true,"computed":true},"is_local":{"type":"bool","description_kind":"plain","optional":true},"login_name":{"type":"string","description_kind":"plain","required":true},"name":{"type":"string","description_kind":"plain","required":true},"password":{"type":"string","description_kind":"plain","optional":true,"sensitive":true}},"description_kind":"plain"}},"sonarqube_user_token":{"version":0,"block":{"attributes":{"id":{"type":"string","description_kind":"plain","optional":true,"computed":true},"login_name":{"type":"string","description_kind":"plain","required":true},"name":{"type":"string","description_kind":"plain","required":true},"token":{"type":"string","description_kind":"plain","computed":true,"sensitive":true}},"description_kind":"plain"}},"sonarqube_webhook":{"version":0,"block":{"attributes":{"id":{"type":"string","description_kind":"plain","optional":true,"computed":true},"name":{"type":"string","description_kind":"plain","required":true},"secret":{"type":"string","description_kind":"plain","optional":true,"computed":true,"sensitive":true},"url":{"type":"string","description_kind":"plain","required":true}},"description_kind":"plain"}}}}}}
