{"format_version":"0.2","provider_schemas":{"registry.terraform.io/jdamata/awsconnect":{"provider":{"version":0,"block":{"attributes":{"access_key":{"type":"string","description_kind":"plain","required":true},"instance_id":{"type":"string","description_kind":"plain","required":true},"region":{"type":"string","description_kind":"plain","required":true},"secret_key":{"type":"string","description_kind":"plain","required":true}},"description_kind":"plain"}},"resource_schemas":{"awsconnect_contact_flow":{"version":0,"block":{"attributes":{"content":{"type":"string","description":"The content of the contact flow.","description_kind":"plain","required":true},"description":{"type":"string","description":"The description of the contact flow.","description_kind":"plain","optional":true},"id":{"type":"string","description_kind":"plain","optional":true,"computed":true},"name":{"type":"string","description":"The name of the contact flow.","description_kind":"plain","required":true},"type":{"type":"string","description":"The type of the contact flow.","description_kind":"plain","required":true}},"description_kind":"plain"}},"awsconnect_routing_profile":{"version":0,"block":{"attributes":{"chat_channel":{"type":"bool","description":"Enable chat channels agents can handle in the CCP.","description_kind":"plain","optional":true},"chat_channel_concurrency":{"type":"number","description":"The number of contacts an agent can have on a channel simultaneously.","description_kind":"plain","optional":true},"default_outbound_queue_name":{"type":"string","description":"The default outbound queue for the routing profile.","description_kind":"plain","required":true},"description":{"type":"string","description":"The description of the routing profile.","description_kind":"plain","required":true},"id":{"type":"string","description_kind":"plain","optional":true,"computed":true},"name":{"type":"string","description":"The name of the routing profile.","description_kind":"plain","required":true},"voice_channel":{"type":"bool","description":"Enable voice channels agents can handle in the CCP.","description_kind":"plain","optional":true}},"block_types":{"routing_profile_queues":{"nesting_mode":"list","block":{"attributes":{"chat_channel":{"type":"bool","description":"Enable chat channels for the queue.","description_kind":"plain","optional":true},"delay":{"type":"number","description":"The delay, in seconds, a contact should be in the queue before they are routed to an available agent.","description_kind":"plain","optional":true},"priority":{"type":"number","description":"The order in which contacts are to be handled for the queue.","description_kind":"plain","optional":true},"queue_name":{"type":"string","description":"The name of the queue.","description_kind":"plain","required":true},"voice_channel":{"type":"bool","description":"Enable voice channels for the queue.","description_kind":"plain","optional":true}},"description":"Contains information about the queue and channel for which priority and delay can be set.","description_kind":"plain"}}},"description_kind":"plain"}},"awsconnect_user":{"version":0,"block":{"attributes":{"directory_user_id":{"type":"string","description":"The identifier of the user account in the directory used for identity management. If Amazon Connect cannot access the directory, you can specify this identifier to authenticate users. If you include the identifier, we assume that Amazon Connect cannot access the directory. Otherwise, the identity information is used to authenticate users from your directory","description_kind":"plain","optional":true},"hierarchy_group_id":{"type":"string","description":"The identifier of the hierarchy group for the user","description_kind":"plain","optional":true},"id":{"type":"string","description_kind":"plain","optional":true,"computed":true},"identity_info":{"type":["map","string"],"description":"Contains information about the identity of a user","description_kind":"plain","optional":true},"password":{"type":"string","description":"The password of the user","description_kind":"plain","optional":true,"sensitive":true},"phone_config":{"type":["map","string"],"description":"The phone settings for the user","description_kind":"plain","required":true},"routing_profile_id":{"type":"string","description":"The identifier of the routing profile for the user","description_kind":"plain","required":true},"security_profile_ids":{"type":["set","string"],"description":"The identifier of the security profile for the user","description_kind":"plain","required":true},"username":{"type":"string","description":"The username of the user","description_kind":"plain","required":true}},"description_kind":"plain"}}}}}}
