{"format_version":"0.2","provider_schemas":{"registry.terraform.io/jefflaporte/github-v4":{"provider":{"version":0,"block":{"attributes":{"base_url":{"type":"string","description":"The GitHub Root API URL.","description_kind":"plain","optional":true},"organization":{"type":"string","description":"The target GitHub organization to manage.","description_kind":"plain","optional":true},"token":{"type":"string","description":"The GitHub access token.","description_kind":"plain","optional":true,"sensitive":true}},"block_types":{"app":{"nesting_mode":"list","block":{"attributes":{"id":{"type":"string","description":"The GitHub App ID.","description_kind":"plain","required":true},"inst":{"type":"string","description":"The GitHub App installation instance ID.","description_kind":"plain","required":true},"pem":{"type":"string","description":"The GitHub App PEM string.","description_kind":"plain","required":true,"sensitive":true}},"description_kind":"plain"}}},"description_kind":"plain"}},"resource_schemas":{"github_branch_protection":{"version":1,"block":{"attributes":{"enforce_admins":{"type":"bool","description_kind":"plain","optional":true},"id":{"type":"string","description_kind":"plain","optional":true,"computed":true},"pattern":{"type":"string","description_kind":"plain","required":true},"push_restrictions":{"type":["set","string"],"description_kind":"plain","optional":true},"repository_id":{"type":"string","description_kind":"plain","required":true},"require_signed_commits":{"type":"bool","description_kind":"plain","optional":true}},"block_types":{"required_pull_request_reviews":{"nesting_mode":"list","block":{"attributes":{"dismiss_stale_reviews":{"type":"bool","description_kind":"plain","optional":true},"dismissal_restrictions":{"type":["set","string"],"description_kind":"plain","optional":true},"require_code_owner_reviews":{"type":"bool","description_kind":"plain","optional":true},"required_approving_review_count":{"type":"number","description_kind":"plain","optional":true}},"description_kind":"plain"}},"required_status_checks":{"nesting_mode":"list","block":{"attributes":{"contexts":{"type":["set","string"],"description_kind":"plain","optional":true},"strict":{"type":"bool","description_kind":"plain","optional":true}},"description_kind":"plain"}}},"description_kind":"plain"}}},"data_source_schemas":{"github_codeowners":{"version":0,"block":{"attributes":{"exists":{"type":"bool","description_kind":"plain","computed":true},"id":{"type":"string","description_kind":"plain","optional":true,"computed":true},"repository_id":{"type":"string","description_kind":"plain","required":true}},"description_kind":"plain"}},"github_ip_ranges":{"version":0,"block":{"attributes":{"git":{"type":["set","string"],"description_kind":"plain","computed":true},"hooks":{"type":["set","string"],"description_kind":"plain","computed":true},"id":{"type":"string","description_kind":"plain","optional":true,"computed":true},"importer":{"type":["set","string"],"description_kind":"plain","computed":true},"pages":{"type":["set","string"],"description_kind":"plain","computed":true}},"description_kind":"plain"}},"github_organization_members":{"version":0,"block":{"attributes":{"id":{"type":"string","description_kind":"plain","optional":true,"computed":true},"members":{"type":["list",["object",{"is_site_admin":"bool","login":"string","name":"string","role":"string"}]],"description_kind":"plain","computed":true}},"description_kind":"plain"}},"github_repositories":{"version":0,"block":{"attributes":{"id":{"type":"string","description_kind":"plain","optional":true,"computed":true},"repositories":{"type":["list",["object",{"name":"string","repository_id":"string"}]],"description_kind":"plain","computed":true}},"description_kind":"plain"}},"github_repository":{"version":0,"block":{"attributes":{"id":{"type":"string","description_kind":"plain","optional":true,"computed":true},"name":{"type":"string","description_kind":"plain","required":true}},"description_kind":"plain"}},"github_repository_collaborators":{"version":0,"block":{"attributes":{"collaborators":{"type":["list",["object",{"is_site_admin":"bool","login":"string","name":"string","permission":"string"}]],"description_kind":"plain","computed":true},"id":{"type":"string","description_kind":"plain","optional":true,"computed":true},"repository_id":{"type":"string","description_kind":"plain","required":true}},"description_kind":"plain"}},"github_team":{"version":0,"block":{"attributes":{"child_teams":{"type":["list",["object",{"slug":"string","team_id":"string"}]],"description_kind":"plain","computed":true},"description":{"type":"string","description_kind":"plain","computed":true},"id":{"type":"string","description_kind":"plain","optional":true,"computed":true},"members":{"type":["list",["object",{"is_site_admin":"bool","login":"string","name":"string","role":"string","user_id":"string"}]],"description_kind":"plain","computed":true},"name":{"type":"string","description_kind":"plain","computed":true},"parent_team":{"type":["map","string"],"description_kind":"plain","computed":true},"privacy":{"type":"string","description_kind":"plain","computed":true},"slug":{"type":"string","description_kind":"plain","required":true}},"description_kind":"plain"}},"github_token":{"version":0,"block":{"attributes":{"id":{"type":"string","description_kind":"plain","optional":true,"computed":true},"token":{"type":"string","description_kind":"plain","computed":true}},"description_kind":"plain"}},"github_user":{"version":0,"block":{"attributes":{"id":{"type":"string","description_kind":"plain","optional":true,"computed":true},"is_site_admin":{"type":"bool","description_kind":"plain","computed":true},"login":{"type":"string","description_kind":"plain","required":true},"name":{"type":"string","description_kind":"plain","computed":true}},"description_kind":"plain"}},"github_users":{"version":0,"block":{"attributes":{"id":{"type":"string","description_kind":"plain","optional":true,"computed":true},"ignore_missing":{"type":"bool","description_kind":"plain","optional":true},"logins":{"type":["list","string"],"description_kind":"plain","required":true},"users":{"type":["list",["object",{"is_site_admin":"bool","login":"string","name":"string","user_id":"string"}]],"description_kind":"plain","computed":true}},"description_kind":"plain"}}}}}}
