{"format_version":"0.2","provider_schemas":{"registry.terraform.io/jeremmfr/iptables":{"provider":{"version":0,"block":{"attributes":{"allowed_cidr_blocks":{"type":["set","string"],"description_kind":"plain","required":true},"firewall_ip":{"type":"string","description_kind":"plain","required":true},"https":{"type":"bool","description_kind":"plain","optional":true},"insecure":{"type":"bool","description_kind":"plain","optional":true},"ipv6_enable":{"type":"bool","description_kind":"plain","optional":true},"login":{"type":"string","description_kind":"plain","optional":true},"no_add_default_drop":{"type":"bool","description_kind":"plain","optional":true},"password":{"type":"string","description_kind":"plain","optional":true},"port":{"type":"number","description_kind":"plain","optional":true},"vault_enable":{"type":"bool","description_kind":"plain","optional":true},"vault_key":{"type":"string","description_kind":"plain","optional":true},"vault_path":{"type":"string","description_kind":"plain","optional":true}},"description_kind":"plain"}},"resource_schemas":{"iptables_nat":{"version":0,"block":{"attributes":{"id":{"type":"string","description_kind":"plain","optional":true,"computed":true},"name":{"type":"string","description_kind":"plain","required":true},"on_cidr_blocks":{"type":["set","string"],"description_kind":"plain","required":true}},"block_types":{"dnat":{"nesting_mode":"set","block":{"attributes":{"except_cidr_blocks":{"type":"string","description_kind":"plain","optional":true},"filter_cidr_blocks":{"type":["set","string"],"description_kind":"plain","optional":true},"iface":{"type":"string","description_kind":"plain","required":true},"nat_ip":{"type":"string","description_kind":"plain","required":true},"nth_every":{"type":"string","description_kind":"plain","optional":true},"nth_packet":{"type":"string","description_kind":"plain","optional":true},"position":{"type":"string","description_kind":"plain","optional":true},"protocol":{"type":"string","description_kind":"plain","optional":true},"to_port":{"type":"string","description_kind":"plain","optional":true}},"description_kind":"plain"}},"snat":{"nesting_mode":"set","block":{"attributes":{"except_cidr_blocks":{"type":"string","description_kind":"plain","optional":true},"filter_cidr_blocks":{"type":["set","string"],"description_kind":"plain","optional":true},"iface":{"type":"string","description_kind":"plain","required":true},"nat_ip":{"type":"string","description_kind":"plain","required":true},"nth_every":{"type":"string","description_kind":"plain","optional":true},"nth_packet":{"type":"string","description_kind":"plain","optional":true},"position":{"type":"string","description_kind":"plain","optional":true},"protocol":{"type":"string","description_kind":"plain","optional":true},"to_port":{"type":"string","description_kind":"plain","optional":true}},"description_kind":"plain"}}},"description_kind":"plain"}},"iptables_nat_ipv6":{"version":0,"block":{"attributes":{"id":{"type":"string","description_kind":"plain","optional":true,"computed":true},"name":{"type":"string","description_kind":"plain","required":true},"on_cidr_blocks":{"type":["set","string"],"description_kind":"plain","required":true}},"block_types":{"dnat":{"nesting_mode":"set","block":{"attributes":{"except_cidr_blocks":{"type":"string","description_kind":"plain","optional":true},"filter_cidr_blocks":{"type":["set","string"],"description_kind":"plain","optional":true},"iface":{"type":"string","description_kind":"plain","required":true},"nat_ip":{"type":"string","description_kind":"plain","required":true},"nth_every":{"type":"string","description_kind":"plain","optional":true},"nth_packet":{"type":"string","description_kind":"plain","optional":true},"position":{"type":"string","description_kind":"plain","optional":true},"protocol":{"type":"string","description_kind":"plain","optional":true},"to_port":{"type":"string","description_kind":"plain","optional":true}},"description_kind":"plain"}},"snat":{"nesting_mode":"set","block":{"attributes":{"except_cidr_blocks":{"type":"string","description_kind":"plain","optional":true},"filter_cidr_blocks":{"type":["set","string"],"description_kind":"plain","optional":true},"iface":{"type":"string","description_kind":"plain","required":true},"nat_ip":{"type":"string","description_kind":"plain","required":true},"nth_every":{"type":"string","description_kind":"plain","optional":true},"nth_packet":{"type":"string","description_kind":"plain","optional":true},"position":{"type":"string","description_kind":"plain","optional":true},"protocol":{"type":"string","description_kind":"plain","optional":true},"to_port":{"type":"string","description_kind":"plain","optional":true}},"description_kind":"plain"}}},"description_kind":"plain"}},"iptables_project":{"version":0,"block":{"attributes":{"cidr_blocks":{"type":["set","string"],"description_kind":"plain","required":true},"id":{"type":"string","description_kind":"plain","optional":true,"computed":true},"name":{"type":"string","description_kind":"plain","required":true},"position":{"type":"number","description_kind":"plain","optional":true}},"description_kind":"plain"}},"iptables_project_ipv6":{"version":0,"block":{"attributes":{"cidr_blocks":{"type":["set","string"],"description_kind":"plain","required":true},"id":{"type":"string","description_kind":"plain","optional":true,"computed":true},"name":{"type":"string","description_kind":"plain","required":true},"position":{"type":"number","description_kind":"plain","optional":true}},"description_kind":"plain"}},"iptables_raw":{"version":0,"block":{"attributes":{"id":{"type":"string","description_kind":"plain","optional":true,"computed":true},"name":{"type":"string","description_kind":"plain","required":true}},"block_types":{"rule":{"nesting_mode":"set","block":{"attributes":{"action":{"type":"string","description_kind":"plain","optional":true},"chain":{"type":"string","description_kind":"plain","optional":true},"dst_cidr_blocks":{"type":"string","description_kind":"plain","optional":true},"from_port":{"type":"string","description_kind":"plain","optional":true},"iface_in":{"type":"string","description_kind":"plain","optional":true},"iface_out":{"type":"string","description_kind":"plain","optional":true},"notrack":{"type":"bool","description_kind":"plain","optional":true},"position":{"type":"string","description_kind":"plain","optional":true},"protocol":{"type":"string","description_kind":"plain","optional":true},"src_cidr_blocks":{"type":"string","description_kind":"plain","optional":true},"tcpflags_comp":{"type":"string","description_kind":"plain","optional":true},"tcpflags_mask":{"type":"string","description_kind":"plain","optional":true},"tcpmss":{"type":"string","description_kind":"plain","optional":true},"to_port":{"type":"string","description_kind":"plain","optional":true}},"description_kind":"plain"},"min_items":1}},"description_kind":"plain"}},"iptables_raw_ipv6":{"version":0,"block":{"attributes":{"id":{"type":"string","description_kind":"plain","optional":true,"computed":true},"name":{"type":"string","description_kind":"plain","required":true}},"block_types":{"rule":{"nesting_mode":"set","block":{"attributes":{"action":{"type":"string","description_kind":"plain","optional":true},"chain":{"type":"string","description_kind":"plain","optional":true},"dst_cidr_blocks":{"type":"string","description_kind":"plain","optional":true},"from_port":{"type":"string","description_kind":"plain","optional":true},"iface_in":{"type":"string","description_kind":"plain","optional":true},"iface_out":{"type":"string","description_kind":"plain","optional":true},"notrack":{"type":"bool","description_kind":"plain","optional":true},"position":{"type":"string","description_kind":"plain","optional":true},"protocol":{"type":"string","description_kind":"plain","optional":true},"src_cidr_blocks":{"type":"string","description_kind":"plain","optional":true},"tcpflags_comp":{"type":"string","description_kind":"plain","optional":true},"tcpflags_mask":{"type":"string","description_kind":"plain","optional":true},"tcpmss":{"type":"string","description_kind":"plain","optional":true},"to_port":{"type":"string","description_kind":"plain","optional":true}},"description_kind":"plain"},"min_items":1}},"description_kind":"plain"}},"iptables_rules":{"version":0,"block":{"attributes":{"id":{"type":"string","description_kind":"plain","optional":true,"computed":true},"name":{"type":"string","description_kind":"plain","required":true},"on_cidr_blocks":{"type":["set","string"],"description_kind":"plain","required":true},"project":{"type":"string","description_kind":"plain","required":true}},"block_types":{"egress":{"nesting_mode":"set","block":{"attributes":{"action":{"type":"string","description_kind":"plain","optional":true},"cidr_blocks":{"type":["set","string"],"description_kind":"plain","optional":true},"fragment":{"type":"bool","description_kind":"plain","optional":true},"from_port":{"type":"string","description_kind":"plain","optional":true},"icmptype":{"type":"string","description_kind":"plain","optional":true},"iface_in":{"type":"string","description_kind":"plain","optional":true},"iface_out":{"type":"string","description_kind":"plain","optional":true},"position":{"type":"string","description_kind":"plain","optional":true},"protocol":{"type":"string","description_kind":"plain","optional":true},"state":{"type":"string","description_kind":"plain","optional":true},"to_port":{"type":"string","description_kind":"plain","optional":true}},"description_kind":"plain"}},"ingress":{"nesting_mode":"set","block":{"attributes":{"action":{"type":"string","description_kind":"plain","optional":true},"cidr_blocks":{"type":["set","string"],"description_kind":"plain","optional":true},"fragment":{"type":"bool","description_kind":"plain","optional":true},"from_port":{"type":"string","description_kind":"plain","optional":true},"icmptype":{"type":"string","description_kind":"plain","optional":true},"iface_in":{"type":"string","description_kind":"plain","optional":true},"iface_out":{"type":"string","description_kind":"plain","optional":true},"position":{"type":"string","description_kind":"plain","optional":true},"protocol":{"type":"string","description_kind":"plain","optional":true},"state":{"type":"string","description_kind":"plain","optional":true},"to_port":{"type":"string","description_kind":"plain","optional":true}},"description_kind":"plain"}}},"description_kind":"plain"}},"iptables_rules_ipv6":{"version":0,"block":{"attributes":{"id":{"type":"string","description_kind":"plain","optional":true,"computed":true},"name":{"type":"string","description_kind":"plain","required":true},"on_cidr_blocks":{"type":["set","string"],"description_kind":"plain","required":true},"project":{"type":"string","description_kind":"plain","required":true}},"block_types":{"egress":{"nesting_mode":"set","block":{"attributes":{"action":{"type":"string","description_kind":"plain","optional":true},"cidr_blocks":{"type":["set","string"],"description_kind":"plain","optional":true},"fragment":{"type":"bool","description_kind":"plain","optional":true},"from_port":{"type":"string","description_kind":"plain","optional":true},"icmptype":{"type":"string","description_kind":"plain","optional":true},"iface_in":{"type":"string","description_kind":"plain","optional":true},"iface_out":{"type":"string","description_kind":"plain","optional":true},"position":{"type":"string","description_kind":"plain","optional":true},"protocol":{"type":"string","description_kind":"plain","optional":true},"state":{"type":"string","description_kind":"plain","optional":true},"to_port":{"type":"string","description_kind":"plain","optional":true}},"description_kind":"plain"}},"ingress":{"nesting_mode":"set","block":{"attributes":{"action":{"type":"string","description_kind":"plain","optional":true},"cidr_blocks":{"type":["set","string"],"description_kind":"plain","optional":true},"fragment":{"type":"bool","description_kind":"plain","optional":true},"from_port":{"type":"string","description_kind":"plain","optional":true},"icmptype":{"type":"string","description_kind":"plain","optional":true},"iface_in":{"type":"string","description_kind":"plain","optional":true},"iface_out":{"type":"string","description_kind":"plain","optional":true},"position":{"type":"string","description_kind":"plain","optional":true},"protocol":{"type":"string","description_kind":"plain","optional":true},"state":{"type":"string","description_kind":"plain","optional":true},"to_port":{"type":"string","description_kind":"plain","optional":true}},"description_kind":"plain"}}},"description_kind":"plain"}}}}}}
