{"format_version":"0.2","provider_schemas":{"registry.terraform.io/jeremmfr/lvsnetwork":{"provider":{"version":0,"block":{"attributes":{"default_advert_int":{"type":"number","description_kind":"plain","optional":true},"default_auth_pass":{"type":"string","description_kind":"plain","optional":true},"default_id_vrrp":{"type":"number","description_kind":"plain","required":true},"default_track_script":{"type":["list","string"],"description_kind":"plain","optional":true},"default_vrrp_group":{"type":"string","description_kind":"plain","optional":true},"firewall_ip":{"type":"string","description_kind":"plain","required":true},"https":{"type":"bool","description_kind":"plain","optional":true},"insecure":{"type":"bool","description_kind":"plain","optional":true},"login":{"type":"string","description_kind":"plain","optional":true},"password":{"type":"string","description_kind":"plain","optional":true},"port":{"type":"number","description_kind":"plain","optional":true},"vault_enable":{"type":"bool","description_kind":"plain","optional":true},"vault_key":{"type":"string","description_kind":"plain","optional":true},"vault_path":{"type":"string","description_kind":"plain","optional":true}},"description_kind":"plain"}},"resource_schemas":{"lvsnetwork_ifacevrrp":{"version":0,"block":{"attributes":{"advert_int":{"type":"number","description_kind":"plain","optional":true,"computed":true},"auth_pass":{"type":"string","description_kind":"plain","optional":true,"computed":true},"auth_type":{"type":"string","description_kind":"plain","optional":true,"computed":true},"default_gw":{"type":"string","description_kind":"plain","optional":true},"garp_m_delay":{"type":"number","description_kind":"plain","optional":true,"computed":true},"garp_master_refresh":{"type":"number","description_kind":"plain","optional":true,"computed":true},"id":{"type":"string","description_kind":"plain","optional":true,"computed":true},"id_vrrp":{"type":"number","description_kind":"plain","optional":true,"computed":true},"iface":{"type":"string","description_kind":"plain","required":true},"iface_vrrp":{"type":"string","description_kind":"plain","optional":true},"ip_master":{"type":"string","description_kind":"plain","optional":true},"ip_slave":{"type":"string","description_kind":"plain","optional":true},"ip_vip":{"type":["list","string"],"description_kind":"plain","optional":true},"ip_vip_only":{"type":"bool","description_kind":"plain","optional":true},"lacp_slaves":{"type":"string","description_kind":"plain","optional":true},"lacp_slaves_slave":{"type":"string","description_kind":"plain","optional":true,"computed":true},"mask":{"type":"number","description_kind":"plain","optional":true},"post_up":{"type":["list","string"],"description_kind":"plain","optional":true},"prio_master":{"type":"number","description_kind":"plain","optional":true,"computed":true},"prio_slave":{"type":"number","description_kind":"plain","optional":true,"computed":true},"sync_iface":{"type":"string","description_kind":"plain","optional":true},"track_script":{"type":["list","string"],"description_kind":"plain","optional":true,"computed":true},"use_vmac":{"type":"bool","description_kind":"plain","optional":true},"vlan_device":{"type":"string","description_kind":"plain","optional":true,"computed":true},"vrrp_group":{"type":"string","description_kind":"plain","optional":true,"computed":true}},"description_kind":"plain"}},"lvsnetwork_vrrp_script":{"version":0,"block":{"attributes":{"fall":{"type":"number","description_kind":"plain","optional":true},"id":{"type":"string","description_kind":"plain","optional":true,"computed":true},"init_fail":{"type":"bool","description_kind":"plain","optional":true},"interval":{"type":"number","description_kind":"plain","optional":true},"name":{"type":"string","description_kind":"plain","required":true},"rise":{"type":"number","description_kind":"plain","optional":true},"script":{"type":"string","description_kind":"plain","required":true},"timeout":{"type":"number","description_kind":"plain","optional":true},"user":{"type":"string","description_kind":"plain","optional":true},"weight":{"type":"number","description_kind":"plain","optional":true},"weight_reverse":{"type":"bool","description_kind":"plain","optional":true}},"description_kind":"plain"}}}}}}
