{"format_version":"0.2","provider_schemas":{"registry.terraform.io/jeremmfr/junos":{"provider":{"version":0,"block":{"attributes":{"cmd_sleep_lock":{"type":"number","description_kind":"plain","optional":true},"cmd_sleep_short":{"type":"number","description_kind":"plain","optional":true},"debug_netconf_log_path":{"type":"string","description_kind":"plain","optional":true},"group_interface_delete":{"type":"string","description_kind":"plain","optional":true},"ip":{"type":"string","description_kind":"plain","required":true},"keypass":{"type":"string","description_kind":"plain","optional":true},"password":{"type":"string","description_kind":"plain","optional":true},"port":{"type":"number","description_kind":"plain","optional":true},"sshkey_pem":{"type":"string","description_kind":"plain","optional":true},"sshkeyfile":{"type":"string","description_kind":"plain","optional":true},"username":{"type":"string","description_kind":"plain","optional":true}},"description_kind":"plain"}},"resource_schemas":{"junos_aggregate_route":{"version":0,"block":{"attributes":{"active":{"type":"bool","description_kind":"plain","optional":true},"brief":{"type":"bool","description_kind":"plain","optional":true},"community":{"type":["list","string"],"description_kind":"plain","optional":true},"destination":{"type":"string","description_kind":"plain","required":true},"discard":{"type":"bool","description_kind":"plain","optional":true},"full":{"type":"bool","description_kind":"plain","optional":true},"id":{"type":"string","description_kind":"plain","optional":true,"computed":true},"metric":{"type":"number","description_kind":"plain","optional":true},"passive":{"type":"bool","description_kind":"plain","optional":true},"policy":{"type":["list","string"],"description_kind":"plain","optional":true},"preference":{"type":"number","description_kind":"plain","optional":true},"routing_instance":{"type":"string","description_kind":"plain","optional":true}},"description_kind":"plain"}},"junos_application":{"version":0,"block":{"attributes":{"destination_port":{"type":"string","description_kind":"plain","optional":true},"id":{"type":"string","description_kind":"plain","optional":true,"computed":true},"name":{"type":"string","description_kind":"plain","required":true},"protocol":{"type":"string","description_kind":"plain","optional":true},"source_port":{"type":"string","description_kind":"plain","optional":true}},"description_kind":"plain"}},"junos_application_set":{"version":0,"block":{"attributes":{"applications":{"type":["list","string"],"description_kind":"plain","required":true},"id":{"type":"string","description_kind":"plain","optional":true,"computed":true},"name":{"type":"string","description_kind":"plain","required":true}},"description_kind":"plain"}},"junos_bgp_group":{"version":0,"block":{"attributes":{"accept_remote_nexthop":{"type":"bool","description_kind":"plain","optional":true},"advertise_external":{"type":"bool","description_kind":"plain","optional":true},"advertise_external_conditional":{"type":"bool","description_kind":"plain","optional":true},"advertise_inactive":{"type":"bool","description_kind":"plain","optional":true},"advertise_peer_as":{"type":"bool","description_kind":"plain","optional":true},"as_override":{"type":"bool","description_kind":"plain","optional":true},"authentication_algorithm":{"type":"string","description_kind":"plain","optional":true},"authentication_key":{"type":"string","description_kind":"plain","optional":true},"authentication_key_chain":{"type":"string","description_kind":"plain","optional":true},"damping":{"type":"bool","description_kind":"plain","optional":true},"export":{"type":["list","string"],"description_kind":"plain","optional":true},"hold_time":{"type":"number","description_kind":"plain","optional":true},"id":{"type":"string","description_kind":"plain","optional":true,"computed":true},"import":{"type":["list","string"],"description_kind":"plain","optional":true},"local_address":{"type":"string","description_kind":"plain","optional":true},"local_as":{"type":"string","description_kind":"plain","optional":true},"local_as_alias":{"type":"bool","description_kind":"plain","optional":true},"local_as_loops":{"type":"number","description_kind":"plain","optional":true},"local_as_no_prepend_global_as":{"type":"bool","description_kind":"plain","optional":true},"local_as_private":{"type":"bool","description_kind":"plain","optional":true},"local_interface":{"type":"string","description_kind":"plain","optional":true},"local_preference":{"type":"number","description_kind":"plain","optional":true},"log_updown":{"type":"bool","description_kind":"plain","optional":true},"metric_out":{"type":"number","description_kind":"plain","optional":true},"metric_out_igp":{"type":"bool","description_kind":"plain","optional":true,"computed":true},"metric_out_igp_delay_med_update":{"type":"bool","description_kind":"plain","optional":true},"metric_out_igp_offset":{"type":"number","description_kind":"plain","optional":true},"metric_out_minimum_igp":{"type":"bool","description_kind":"plain","optional":true,"computed":true},"metric_out_minimum_igp_offset":{"type":"number","description_kind":"plain","optional":true},"mtu_discovery":{"type":"bool","description_kind":"plain","optional":true},"multihop":{"type":"bool","description_kind":"plain","optional":true},"multipath":{"type":"bool","description_kind":"plain","optional":true},"name":{"type":"string","description_kind":"plain","required":true},"no_advertise_peer_as":{"type":"bool","description_kind":"plain","optional":true},"out_delay":{"type":"number","description_kind":"plain","optional":true},"passive":{"type":"bool","description_kind":"plain","optional":true},"peer_as":{"type":"string","description_kind":"plain","optional":true},"preference":{"type":"number","description_kind":"plain","optional":true},"remove_private":{"type":"bool","description_kind":"plain","optional":true},"routing_instance":{"type":"string","description_kind":"plain","optional":true},"type":{"type":"string","description_kind":"plain","optional":true}},"block_types":{"bfd_liveness_detection":{"nesting_mode":"list","block":{"attributes":{"authentication_algorithm":{"type":"string","description_kind":"plain","optional":true},"authentication_key_chain":{"type":"string","description_kind":"plain","optional":true},"authentication_loose_check":{"type":"bool","description_kind":"plain","optional":true},"detection_time_threshold":{"type":"number","description_kind":"plain","optional":true},"holddown_interval":{"type":"number","description_kind":"plain","optional":true},"minimum_interval":{"type":"number","description_kind":"plain","optional":true},"minimum_receive_interval":{"type":"number","description_kind":"plain","optional":true},"multiplier":{"type":"number","description_kind":"plain","optional":true},"session_mode":{"type":"string","description_kind":"plain","optional":true},"transmit_interval_minimum_interval":{"type":"number","description_kind":"plain","optional":true},"transmit_interval_threshold":{"type":"number","description_kind":"plain","optional":true},"version":{"type":"string","description_kind":"plain","optional":true}},"description_kind":"plain"},"max_items":1},"family_inet":{"nesting_mode":"list","block":{"attributes":{"nlri_type":{"type":"string","description_kind":"plain","required":true}},"block_types":{"accepted_prefix_limit":{"nesting_mode":"list","block":{"attributes":{"maximum":{"type":"number","description_kind":"plain","required":true},"teardown":{"type":"number","description_kind":"plain","optional":true},"teardown_idle_timeout":{"type":"number","description_kind":"plain","optional":true},"teardown_idle_timeout_forever":{"type":"bool","description_kind":"plain","optional":true}},"description_kind":"plain"},"max_items":1},"prefix_limit":{"nesting_mode":"list","block":{"attributes":{"maximum":{"type":"number","description_kind":"plain","required":true},"teardown":{"type":"number","description_kind":"plain","optional":true},"teardown_idle_timeout":{"type":"number","description_kind":"plain","optional":true},"teardown_idle_timeout_forever":{"type":"bool","description_kind":"plain","optional":true}},"description_kind":"plain"},"max_items":1}},"description_kind":"plain"}},"family_inet6":{"nesting_mode":"list","block":{"attributes":{"nlri_type":{"type":"string","description_kind":"plain","required":true}},"block_types":{"accepted_prefix_limit":{"nesting_mode":"list","block":{"attributes":{"maximum":{"type":"number","description_kind":"plain","required":true},"teardown":{"type":"number","description_kind":"plain","optional":true},"teardown_idle_timeout":{"type":"number","description_kind":"plain","optional":true},"teardown_idle_timeout_forever":{"type":"bool","description_kind":"plain","optional":true}},"description_kind":"plain"},"max_items":1},"prefix_limit":{"nesting_mode":"list","block":{"attributes":{"maximum":{"type":"number","description_kind":"plain","required":true},"teardown":{"type":"number","description_kind":"plain","optional":true},"teardown_idle_timeout":{"type":"number","description_kind":"plain","optional":true},"teardown_idle_timeout_forever":{"type":"bool","description_kind":"plain","optional":true}},"description_kind":"plain"},"max_items":1}},"description_kind":"plain"}},"graceful_restart":{"nesting_mode":"list","block":{"attributes":{"disable":{"type":"bool","description_kind":"plain","optional":true},"restart_time":{"type":"number","description_kind":"plain","optional":true},"stale_route_time":{"type":"number","description_kind":"plain","optional":true}},"description_kind":"plain"},"max_items":1}},"description_kind":"plain"}},"junos_bgp_neighbor":{"version":0,"block":{"attributes":{"accept_remote_nexthop":{"type":"bool","description_kind":"plain","optional":true},"advertise_external":{"type":"bool","description_kind":"plain","optional":true},"advertise_external_conditional":{"type":"bool","description_kind":"plain","optional":true},"advertise_inactive":{"type":"bool","description_kind":"plain","optional":true},"advertise_peer_as":{"type":"bool","description_kind":"plain","optional":true},"as_override":{"type":"bool","description_kind":"plain","optional":true},"authentication_algorithm":{"type":"string","description_kind":"plain","optional":true},"authentication_key":{"type":"string","description_kind":"plain","optional":true},"authentication_key_chain":{"type":"string","description_kind":"plain","optional":true},"damping":{"type":"bool","description_kind":"plain","optional":true},"export":{"type":["list","string"],"description_kind":"plain","optional":true},"group":{"type":"string","description_kind":"plain","required":true},"hold_time":{"type":"number","description_kind":"plain","optional":true},"id":{"type":"string","description_kind":"plain","optional":true,"computed":true},"import":{"type":["list","string"],"description_kind":"plain","optional":true},"ip":{"type":"string","description_kind":"plain","required":true},"local_address":{"type":"string","description_kind":"plain","optional":true},"local_as":{"type":"string","description_kind":"plain","optional":true},"local_as_alias":{"type":"bool","description_kind":"plain","optional":true},"local_as_loops":{"type":"number","description_kind":"plain","optional":true},"local_as_no_prepend_global_as":{"type":"bool","description_kind":"plain","optional":true},"local_as_private":{"type":"bool","description_kind":"plain","optional":true},"local_interface":{"type":"string","description_kind":"plain","optional":true},"local_preference":{"type":"number","description_kind":"plain","optional":true},"log_updown":{"type":"bool","description_kind":"plain","optional":true},"metric_out":{"type":"number","description_kind":"plain","optional":true},"metric_out_igp":{"type":"bool","description_kind":"plain","optional":true,"computed":true},"metric_out_igp_delay_med_update":{"type":"bool","description_kind":"plain","optional":true},"metric_out_igp_offset":{"type":"number","description_kind":"plain","optional":true},"metric_out_minimum_igp":{"type":"bool","description_kind":"plain","optional":true,"computed":true},"metric_out_minimum_igp_offset":{"type":"number","description_kind":"plain","optional":true},"mtu_discovery":{"type":"bool","description_kind":"plain","optional":true},"multihop":{"type":"bool","description_kind":"plain","optional":true},"multipath":{"type":"bool","description_kind":"plain","optional":true},"no_advertise_peer_as":{"type":"bool","description_kind":"plain","optional":true},"out_delay":{"type":"number","description_kind":"plain","optional":true},"passive":{"type":"bool","description_kind":"plain","optional":true},"peer_as":{"type":"string","description_kind":"plain","optional":true},"preference":{"type":"number","description_kind":"plain","optional":true},"remove_private":{"type":"bool","description_kind":"plain","optional":true},"routing_instance":{"type":"string","description_kind":"plain","optional":true}},"block_types":{"bfd_liveness_detection":{"nesting_mode":"list","block":{"attributes":{"authentication_algorithm":{"type":"string","description_kind":"plain","optional":true},"authentication_key_chain":{"type":"string","description_kind":"plain","optional":true},"authentication_loose_check":{"type":"bool","description_kind":"plain","optional":true},"detection_time_threshold":{"type":"number","description_kind":"plain","optional":true},"holddown_interval":{"type":"number","description_kind":"plain","optional":true},"minimum_interval":{"type":"number","description_kind":"plain","optional":true},"minimum_receive_interval":{"type":"number","description_kind":"plain","optional":true},"multiplier":{"type":"number","description_kind":"plain","optional":true},"session_mode":{"type":"string","description_kind":"plain","optional":true},"transmit_interval_minimum_interval":{"type":"number","description_kind":"plain","optional":true},"transmit_interval_threshold":{"type":"number","description_kind":"plain","optional":true},"version":{"type":"string","description_kind":"plain","optional":true}},"description_kind":"plain"},"max_items":1},"family_inet":{"nesting_mode":"list","block":{"attributes":{"nlri_type":{"type":"string","description_kind":"plain","required":true}},"block_types":{"accepted_prefix_limit":{"nesting_mode":"list","block":{"attributes":{"maximum":{"type":"number","description_kind":"plain","required":true},"teardown":{"type":"number","description_kind":"plain","optional":true},"teardown_idle_timeout":{"type":"number","description_kind":"plain","optional":true},"teardown_idle_timeout_forever":{"type":"bool","description_kind":"plain","optional":true}},"description_kind":"plain"},"max_items":1},"prefix_limit":{"nesting_mode":"list","block":{"attributes":{"maximum":{"type":"number","description_kind":"plain","required":true},"teardown":{"type":"number","description_kind":"plain","optional":true},"teardown_idle_timeout":{"type":"number","description_kind":"plain","optional":true},"teardown_idle_timeout_forever":{"type":"bool","description_kind":"plain","optional":true}},"description_kind":"plain"},"max_items":1}},"description_kind":"plain"}},"family_inet6":{"nesting_mode":"list","block":{"attributes":{"nlri_type":{"type":"string","description_kind":"plain","required":true}},"block_types":{"accepted_prefix_limit":{"nesting_mode":"list","block":{"attributes":{"maximum":{"type":"number","description_kind":"plain","required":true},"teardown":{"type":"number","description_kind":"plain","optional":true},"teardown_idle_timeout":{"type":"number","description_kind":"plain","optional":true},"teardown_idle_timeout_forever":{"type":"bool","description_kind":"plain","optional":true}},"description_kind":"plain"},"max_items":1},"prefix_limit":{"nesting_mode":"list","block":{"attributes":{"maximum":{"type":"number","description_kind":"plain","required":true},"teardown":{"type":"number","description_kind":"plain","optional":true},"teardown_idle_timeout":{"type":"number","description_kind":"plain","optional":true},"teardown_idle_timeout_forever":{"type":"bool","description_kind":"plain","optional":true}},"description_kind":"plain"},"max_items":1}},"description_kind":"plain"}},"graceful_restart":{"nesting_mode":"list","block":{"attributes":{"disable":{"type":"bool","description_kind":"plain","optional":true},"restart_time":{"type":"number","description_kind":"plain","optional":true},"stale_route_time":{"type":"number","description_kind":"plain","optional":true}},"description_kind":"plain"},"max_items":1}},"description_kind":"plain"}},"junos_firewall_filter":{"version":0,"block":{"attributes":{"family":{"type":"string","description_kind":"plain","required":true},"id":{"type":"string","description_kind":"plain","optional":true,"computed":true},"interface_specific":{"type":"bool","description_kind":"plain","optional":true},"name":{"type":"string","description_kind":"plain","required":true}},"block_types":{"term":{"nesting_mode":"list","block":{"attributes":{"filter":{"type":"string","description_kind":"plain","optional":true},"name":{"type":"string","description_kind":"plain","required":true}},"block_types":{"from":{"nesting_mode":"list","block":{"attributes":{"address":{"type":["list","string"],"description_kind":"plain","optional":true},"address_except":{"type":["list","string"],"description_kind":"plain","optional":true},"destination_address":{"type":["list","string"],"description_kind":"plain","optional":true},"destination_address_except":{"type":["list","string"],"description_kind":"plain","optional":true},"destination_port":{"type":["list","string"],"description_kind":"plain","optional":true},"destination_port_except":{"type":["list","string"],"description_kind":"plain","optional":true},"destination_prefix_list":{"type":["list","string"],"description_kind":"plain","optional":true},"destination_prefix_list_except":{"type":["list","string"],"description_kind":"plain","optional":true},"icmp_code":{"type":["list","string"],"description_kind":"plain","optional":true},"icmp_code_except":{"type":["list","string"],"description_kind":"plain","optional":true},"icmp_type":{"type":["list","string"],"description_kind":"plain","optional":true},"icmp_type_except":{"type":["list","string"],"description_kind":"plain","optional":true},"is_fragment":{"type":"bool","description_kind":"plain","optional":true},"next_header":{"type":["list","string"],"description_kind":"plain","optional":true},"next_header_except":{"type":["list","string"],"description_kind":"plain","optional":true},"port":{"type":["list","string"],"description_kind":"plain","optional":true},"port_except":{"type":["list","string"],"description_kind":"plain","optional":true},"prefix_list":{"type":["list","string"],"description_kind":"plain","optional":true},"prefix_list_except":{"type":["list","string"],"description_kind":"plain","optional":true},"protocol":{"type":["list","string"],"description_kind":"plain","optional":true},"protocol_except":{"type":["list","string"],"description_kind":"plain","optional":true},"source_address":{"type":["list","string"],"description_kind":"plain","optional":true},"source_address_except":{"type":["list","string"],"description_kind":"plain","optional":true},"source_port":{"type":["list","string"],"description_kind":"plain","optional":true},"source_port_except":{"type":["list","string"],"description_kind":"plain","optional":true},"source_prefix_list":{"type":["list","string"],"description_kind":"plain","optional":true},"source_prefix_list_except":{"type":["list","string"],"description_kind":"plain","optional":true},"tcp_established":{"type":"bool","description_kind":"plain","optional":true},"tcp_flags":{"type":"string","description_kind":"plain","optional":true},"tcp_initial":{"type":"bool","description_kind":"plain","optional":true}},"description_kind":"plain"},"max_items":1},"then":{"nesting_mode":"list","block":{"attributes":{"action":{"type":"string","description_kind":"plain","optional":true},"count":{"type":"string","description_kind":"plain","optional":true},"log":{"type":"bool","description_kind":"plain","optional":true},"policer":{"type":"string","description_kind":"plain","optional":true},"port_mirror":{"type":"bool","description_kind":"plain","optional":true},"routing_instance":{"type":"string","description_kind":"plain","optional":true},"sample":{"type":"bool","description_kind":"plain","optional":true},"service_accounting":{"type":"bool","description_kind":"plain","optional":true},"syslog":{"type":"bool","description_kind":"plain","optional":true}},"description_kind":"plain"},"max_items":1}},"description_kind":"plain"},"min_items":1}},"description_kind":"plain"}},"junos_firewall_policer":{"version":0,"block":{"attributes":{"filter_specific":{"type":"bool","description_kind":"plain","optional":true},"id":{"type":"string","description_kind":"plain","optional":true,"computed":true},"name":{"type":"string","description_kind":"plain","required":true}},"block_types":{"if_exceeding":{"nesting_mode":"list","block":{"attributes":{"bandwidth_limit":{"type":"string","description_kind":"plain","optional":true},"bandwidth_percent":{"type":"number","description_kind":"plain","optional":true},"burst_size_limit":{"type":"string","description_kind":"plain","required":true}},"description_kind":"plain"},"min_items":1,"max_items":1},"then":{"nesting_mode":"list","block":{"attributes":{"discard":{"type":"bool","description_kind":"plain","optional":true},"forwarding_class":{"type":"string","description_kind":"plain","optional":true},"loss_priority":{"type":"string","description_kind":"plain","optional":true},"out_of_profile":{"type":"bool","description_kind":"plain","optional":true}},"description_kind":"plain"},"min_items":1,"max_items":1}},"description_kind":"plain"}},"junos_interface":{"version":0,"block":{"attributes":{"ae_lacp":{"type":"string","description_kind":"plain","optional":true},"ae_link_speed":{"type":"string","description_kind":"plain","optional":true},"ae_minimum_links":{"type":"number","description_kind":"plain","optional":true},"complete_destroy":{"type":"bool","description_kind":"plain","optional":true},"description":{"type":"string","description_kind":"plain","optional":true},"ether802_3ad":{"type":"string","description_kind":"plain","optional":true},"id":{"type":"string","description_kind":"plain","optional":true,"computed":true},"inet":{"type":"bool","description_kind":"plain","optional":true,"computed":true},"inet6":{"type":"bool","description_kind":"plain","optional":true,"computed":true},"inet6_filter_input":{"type":"string","description_kind":"plain","optional":true},"inet6_filter_output":{"type":"string","description_kind":"plain","optional":true},"inet6_mtu":{"type":"number","description_kind":"plain","optional":true},"inet_filter_input":{"type":"string","description_kind":"plain","optional":true},"inet_filter_output":{"type":"string","description_kind":"plain","optional":true},"inet_mtu":{"type":"number","description_kind":"plain","optional":true},"name":{"type":"string","description_kind":"plain","required":true},"routing_instance":{"type":"string","description_kind":"plain","optional":true},"security_zone":{"type":"string","description_kind":"plain","optional":true},"trunk":{"type":"bool","description_kind":"plain","optional":true},"vlan_members":{"type":["list","string"],"description_kind":"plain","optional":true},"vlan_native":{"type":"number","description_kind":"plain","optional":true},"vlan_tagging":{"type":"bool","description_kind":"plain","optional":true},"vlan_tagging_id":{"type":"number","description_kind":"plain","optional":true,"computed":true}},"block_types":{"inet6_address":{"nesting_mode":"list","block":{"attributes":{"address":{"type":"string","description_kind":"plain","required":true}},"block_types":{"vrrp_group":{"nesting_mode":"list","block":{"attributes":{"accept_data":{"type":"bool","description_kind":"plain","optional":true},"advertise_interval":{"type":"number","description_kind":"plain","optional":true},"identifier":{"type":"number","description_kind":"plain","required":true},"no_accept_data":{"type":"bool","description_kind":"plain","optional":true},"no_preempt":{"type":"bool","description_kind":"plain","optional":true},"preempt":{"type":"bool","description_kind":"plain","optional":true},"priority":{"type":"number","description_kind":"plain","optional":true},"virtual_address":{"type":["list","string"],"description_kind":"plain","required":true},"virtual_link_local_address":{"type":"string","description_kind":"plain","required":true}},"block_types":{"track_interface":{"nesting_mode":"list","block":{"attributes":{"interface":{"type":"string","description_kind":"plain","required":true},"priority_cost":{"type":"number","description_kind":"plain","required":true}},"description_kind":"plain"}},"track_route":{"nesting_mode":"list","block":{"attributes":{"priority_cost":{"type":"number","description_kind":"plain","required":true},"route":{"type":"string","description_kind":"plain","required":true},"routing_instance":{"type":"string","description_kind":"plain","required":true}},"description_kind":"plain"}}},"description_kind":"plain"}}},"description_kind":"plain"}},"inet_address":{"nesting_mode":"list","block":{"attributes":{"address":{"type":"string","description_kind":"plain","required":true}},"block_types":{"vrrp_group":{"nesting_mode":"list","block":{"attributes":{"accept_data":{"type":"bool","description_kind":"plain","optional":true},"advertise_interval":{"type":"number","description_kind":"plain","optional":true},"advertisements_threshold":{"type":"number","description_kind":"plain","optional":true},"authentication_key":{"type":"string","description_kind":"plain","optional":true},"authentication_type":{"type":"string","description_kind":"plain","optional":true},"identifier":{"type":"number","description_kind":"plain","required":true},"no_accept_data":{"type":"bool","description_kind":"plain","optional":true},"no_preempt":{"type":"bool","description_kind":"plain","optional":true},"preempt":{"type":"bool","description_kind":"plain","optional":true},"priority":{"type":"number","description_kind":"plain","optional":true},"virtual_address":{"type":["list","string"],"description_kind":"plain","required":true}},"block_types":{"track_interface":{"nesting_mode":"list","block":{"attributes":{"interface":{"type":"string","description_kind":"plain","required":true},"priority_cost":{"type":"number","description_kind":"plain","required":true}},"description_kind":"plain"}},"track_route":{"nesting_mode":"list","block":{"attributes":{"priority_cost":{"type":"number","description_kind":"plain","required":true},"route":{"type":"string","description_kind":"plain","required":true},"routing_instance":{"type":"string","description_kind":"plain","required":true}},"description_kind":"plain"}}},"description_kind":"plain"}}},"description_kind":"plain"}}},"description_kind":"plain"}},"junos_interface_st0_unit":{"version":0,"block":{"attributes":{"id":{"type":"string","description_kind":"plain","optional":true,"computed":true}},"description_kind":"plain"}},"junos_ospf_area":{"version":0,"block":{"attributes":{"area_id":{"type":"string","description_kind":"plain","required":true},"id":{"type":"string","description_kind":"plain","optional":true,"computed":true},"routing_instance":{"type":"string","description_kind":"plain","optional":true},"version":{"type":"string","description_kind":"plain","optional":true}},"block_types":{"interface":{"nesting_mode":"list","block":{"attributes":{"dead_interval":{"type":"number","description_kind":"plain","optional":true},"disable":{"type":"bool","description_kind":"plain","optional":true},"hello_interval":{"type":"number","description_kind":"plain","optional":true},"metric":{"type":"number","description_kind":"plain","optional":true},"name":{"type":"string","description_kind":"plain","required":true},"passive":{"type":"bool","description_kind":"plain","optional":true},"retransmit_interval":{"type":"number","description_kind":"plain","optional":true}},"description_kind":"plain"},"min_items":1}},"description_kind":"plain"}},"junos_policyoptions_as_path":{"version":0,"block":{"attributes":{"dynamic_db":{"type":"bool","description_kind":"plain","optional":true},"id":{"type":"string","description_kind":"plain","optional":true,"computed":true},"name":{"type":"string","description_kind":"plain","required":true},"path":{"type":"string","description_kind":"plain","optional":true}},"description_kind":"plain"}},"junos_policyoptions_as_path_group":{"version":0,"block":{"attributes":{"dynamic_db":{"type":"bool","description_kind":"plain","optional":true},"id":{"type":"string","description_kind":"plain","optional":true,"computed":true},"name":{"type":"string","description_kind":"plain","required":true}},"block_types":{"as_path":{"nesting_mode":"list","block":{"attributes":{"name":{"type":"string","description_kind":"plain","required":true},"path":{"type":"string","description_kind":"plain","required":true}},"description_kind":"plain"}}},"description_kind":"plain"}},"junos_policyoptions_community":{"version":0,"block":{"attributes":{"id":{"type":"string","description_kind":"plain","optional":true,"computed":true},"invert_match":{"type":"bool","description_kind":"plain","optional":true},"members":{"type":["list","string"],"description_kind":"plain","required":true},"name":{"type":"string","description_kind":"plain","required":true}},"description_kind":"plain"}},"junos_policyoptions_policy_statement":{"version":0,"block":{"attributes":{"id":{"type":"string","description_kind":"plain","optional":true,"computed":true},"name":{"type":"string","description_kind":"plain","required":true}},"block_types":{"from":{"nesting_mode":"list","block":{"attributes":{"aggregate_contributor":{"type":"bool","description_kind":"plain","optional":true},"bgp_as_path":{"type":["list","string"],"description_kind":"plain","optional":true},"bgp_as_path_group":{"type":["list","string"],"description_kind":"plain","optional":true},"bgp_community":{"type":["list","string"],"description_kind":"plain","optional":true},"bgp_origin":{"type":"string","description_kind":"plain","optional":true},"family":{"type":"string","description_kind":"plain","optional":true},"interface":{"type":["list","string"],"description_kind":"plain","optional":true},"local_preference":{"type":"number","description_kind":"plain","optional":true},"metric":{"type":"number","description_kind":"plain","optional":true},"neighbor":{"type":["list","string"],"description_kind":"plain","optional":true},"next_hop":{"type":["list","string"],"description_kind":"plain","optional":true},"ospf_area":{"type":"string","description_kind":"plain","optional":true},"policy":{"type":["list","string"],"description_kind":"plain","optional":true},"preference":{"type":"number","description_kind":"plain","optional":true},"prefix_list":{"type":["list","string"],"description_kind":"plain","optional":true},"protocol":{"type":["list","string"],"description_kind":"plain","optional":true},"routing_instance":{"type":"string","description_kind":"plain","optional":true}},"block_types":{"route_filter":{"nesting_mode":"list","block":{"attributes":{"option":{"type":"string","description_kind":"plain","required":true},"option_value":{"type":"string","description_kind":"plain","optional":true},"route":{"type":"string","description_kind":"plain","required":true}},"description_kind":"plain"}}},"description_kind":"plain"},"max_items":1},"term":{"nesting_mode":"list","block":{"attributes":{"name":{"type":"string","description_kind":"plain","required":true}},"block_types":{"from":{"nesting_mode":"list","block":{"attributes":{"aggregate_contributor":{"type":"bool","description_kind":"plain","optional":true},"bgp_as_path":{"type":["list","string"],"description_kind":"plain","optional":true},"bgp_as_path_group":{"type":["list","string"],"description_kind":"plain","optional":true},"bgp_community":{"type":["list","string"],"description_kind":"plain","optional":true},"bgp_origin":{"type":"string","description_kind":"plain","optional":true},"family":{"type":"string","description_kind":"plain","optional":true},"interface":{"type":["list","string"],"description_kind":"plain","optional":true},"local_preference":{"type":"number","description_kind":"plain","optional":true},"metric":{"type":"number","description_kind":"plain","optional":true},"neighbor":{"type":["list","string"],"description_kind":"plain","optional":true},"next_hop":{"type":["list","string"],"description_kind":"plain","optional":true},"ospf_area":{"type":"string","description_kind":"plain","optional":true},"policy":{"type":["list","string"],"description_kind":"plain","optional":true},"preference":{"type":"number","description_kind":"plain","optional":true},"prefix_list":{"type":["list","string"],"description_kind":"plain","optional":true},"protocol":{"type":["list","string"],"description_kind":"plain","optional":true},"routing_instance":{"type":"string","description_kind":"plain","optional":true}},"block_types":{"route_filter":{"nesting_mode":"list","block":{"attributes":{"option":{"type":"string","description_kind":"plain","required":true},"option_value":{"type":"string","description_kind":"plain","optional":true},"route":{"type":"string","description_kind":"plain","required":true}},"description_kind":"plain"}}},"description_kind":"plain"},"max_items":1},"then":{"nesting_mode":"list","block":{"attributes":{"action":{"type":"string","description_kind":"plain","optional":true},"as_path_expand":{"type":"string","description_kind":"plain","optional":true},"as_path_prepend":{"type":"string","description_kind":"plain","optional":true},"default_action":{"type":"string","description_kind":"plain","optional":true},"load_balance":{"type":"string","description_kind":"plain","optional":true},"next":{"type":"string","description_kind":"plain","optional":true},"next_hop":{"type":"string","description_kind":"plain","optional":true},"origin":{"type":"string","description_kind":"plain","optional":true}},"block_types":{"community":{"nesting_mode":"list","block":{"attributes":{"action":{"type":"string","description_kind":"plain","required":true},"value":{"type":"string","description_kind":"plain","required":true}},"description_kind":"plain"}},"local_preference":{"nesting_mode":"list","block":{"attributes":{"action":{"type":"string","description_kind":"plain","required":true},"value":{"type":"number","description_kind":"plain","required":true}},"description_kind":"plain"},"max_items":1},"metric":{"nesting_mode":"list","block":{"attributes":{"action":{"type":"string","description_kind":"plain","required":true},"value":{"type":"number","description_kind":"plain","required":true}},"description_kind":"plain"},"max_items":1},"preference":{"nesting_mode":"list","block":{"attributes":{"action":{"type":"string","description_kind":"plain","required":true},"value":{"type":"number","description_kind":"plain","required":true}},"description_kind":"plain"},"max_items":1}},"description_kind":"plain"},"max_items":1},"to":{"nesting_mode":"list","block":{"attributes":{"bgp_as_path":{"type":["list","string"],"description_kind":"plain","optional":true},"bgp_as_path_group":{"type":["list","string"],"description_kind":"plain","optional":true},"bgp_community":{"type":["list","string"],"description_kind":"plain","optional":true},"bgp_origin":{"type":"string","description_kind":"plain","optional":true},"family":{"type":"string","description_kind":"plain","optional":true},"interface":{"type":["list","string"],"description_kind":"plain","optional":true},"local_preference":{"type":"number","description_kind":"plain","optional":true},"metric":{"type":"number","description_kind":"plain","optional":true},"neighbor":{"type":["list","string"],"description_kind":"plain","optional":true},"next_hop":{"type":["list","string"],"description_kind":"plain","optional":true},"ospf_area":{"type":"string","description_kind":"plain","optional":true},"policy":{"type":["list","string"],"description_kind":"plain","optional":true},"preference":{"type":"number","description_kind":"plain","optional":true},"protocol":{"type":["list","string"],"description_kind":"plain","optional":true},"routing_instance":{"type":"string","description_kind":"plain","optional":true}},"description_kind":"plain"},"max_items":1}},"description_kind":"plain"}},"then":{"nesting_mode":"list","block":{"attributes":{"action":{"type":"string","description_kind":"plain","optional":true},"as_path_expand":{"type":"string","description_kind":"plain","optional":true},"as_path_prepend":{"type":"string","description_kind":"plain","optional":true},"default_action":{"type":"string","description_kind":"plain","optional":true},"load_balance":{"type":"string","description_kind":"plain","optional":true},"next":{"type":"string","description_kind":"plain","optional":true},"next_hop":{"type":"string","description_kind":"plain","optional":true},"origin":{"type":"string","description_kind":"plain","optional":true}},"block_types":{"community":{"nesting_mode":"list","block":{"attributes":{"action":{"type":"string","description_kind":"plain","required":true},"value":{"type":"string","description_kind":"plain","required":true}},"description_kind":"plain"}},"local_preference":{"nesting_mode":"list","block":{"attributes":{"action":{"type":"string","description_kind":"plain","required":true},"value":{"type":"number","description_kind":"plain","required":true}},"description_kind":"plain"},"max_items":1},"metric":{"nesting_mode":"list","block":{"attributes":{"action":{"type":"string","description_kind":"plain","required":true},"value":{"type":"number","description_kind":"plain","required":true}},"description_kind":"plain"},"max_items":1},"preference":{"nesting_mode":"list","block":{"attributes":{"action":{"type":"string","description_kind":"plain","required":true},"value":{"type":"number","description_kind":"plain","required":true}},"description_kind":"plain"},"max_items":1}},"description_kind":"plain"},"max_items":1},"to":{"nesting_mode":"list","block":{"attributes":{"bgp_as_path":{"type":["list","string"],"description_kind":"plain","optional":true},"bgp_as_path_group":{"type":["list","string"],"description_kind":"plain","optional":true},"bgp_community":{"type":["list","string"],"description_kind":"plain","optional":true},"bgp_origin":{"type":"string","description_kind":"plain","optional":true},"family":{"type":"string","description_kind":"plain","optional":true},"interface":{"type":["list","string"],"description_kind":"plain","optional":true},"local_preference":{"type":"number","description_kind":"plain","optional":true},"metric":{"type":"number","description_kind":"plain","optional":true},"neighbor":{"type":["list","string"],"description_kind":"plain","optional":true},"next_hop":{"type":["list","string"],"description_kind":"plain","optional":true},"ospf_area":{"type":"string","description_kind":"plain","optional":true},"policy":{"type":["list","string"],"description_kind":"plain","optional":true},"preference":{"type":"number","description_kind":"plain","optional":true},"protocol":{"type":["list","string"],"description_kind":"plain","optional":true},"routing_instance":{"type":"string","description_kind":"plain","optional":true}},"description_kind":"plain"},"max_items":1}},"description_kind":"plain"}},"junos_policyoptions_prefix_list":{"version":0,"block":{"attributes":{"apply_path":{"type":"string","description_kind":"plain","optional":true},"dynamic_db":{"type":"bool","description_kind":"plain","optional":true},"id":{"type":"string","description_kind":"plain","optional":true,"computed":true},"name":{"type":"string","description_kind":"plain","required":true},"prefix":{"type":["list","string"],"description_kind":"plain","optional":true}},"description_kind":"plain"}},"junos_rib_group":{"version":0,"block":{"attributes":{"export_rib":{"type":"string","description_kind":"plain","optional":true},"id":{"type":"string","description_kind":"plain","optional":true,"computed":true},"import_policy":{"type":["list","string"],"description_kind":"plain","optional":true},"import_rib":{"type":["list","string"],"description_kind":"plain","optional":true},"name":{"type":"string","description_kind":"plain","required":true}},"description_kind":"plain"}},"junos_routing_instance":{"version":0,"block":{"attributes":{"as":{"type":"string","description_kind":"plain","optional":true},"id":{"type":"string","description_kind":"plain","optional":true,"computed":true},"name":{"type":"string","description_kind":"plain","required":true},"type":{"type":"string","description_kind":"plain","optional":true}},"description_kind":"plain"}},"junos_routing_options":{"version":0,"block":{"attributes":{"id":{"type":"string","description_kind":"plain","optional":true,"computed":true}},"block_types":{"autonomous_system":{"nesting_mode":"list","block":{"attributes":{"asdot_notation":{"type":"bool","description_kind":"plain","optional":true},"loops":{"type":"number","description_kind":"plain","optional":true},"number":{"type":"string","description_kind":"plain","required":true}},"description_kind":"plain"},"max_items":1},"graceful_restart":{"nesting_mode":"list","block":{"attributes":{"disable":{"type":"bool","description_kind":"plain","optional":true},"restart_duration":{"type":"number","description_kind":"plain","optional":true}},"description_kind":"plain"},"max_items":1}},"description_kind":"plain"}},"junos_security":{"version":0,"block":{"attributes":{"id":{"type":"string","description_kind":"plain","optional":true,"computed":true}},"block_types":{"alg":{"nesting_mode":"list","block":{"attributes":{"dns_disable":{"type":"bool","description_kind":"plain","optional":true},"ftp_disable":{"type":"bool","description_kind":"plain","optional":true},"msrpc_disable":{"type":"bool","description_kind":"plain","optional":true},"pptp_disable":{"type":"bool","description_kind":"plain","optional":true},"sunrpc_disable":{"type":"bool","description_kind":"plain","optional":true},"talk_disable":{"type":"bool","description_kind":"plain","optional":true},"tftp_disable":{"type":"bool","description_kind":"plain","optional":true}},"description_kind":"plain"},"max_items":1},"flow":{"nesting_mode":"list","block":{"attributes":{"allow_dns_reply":{"type":"bool","description_kind":"plain","optional":true},"allow_embedded_icmp":{"type":"bool","description_kind":"plain","optional":true},"allow_reverse_ecmp":{"type":"bool","description_kind":"plain","optional":true},"enable_reroute_uniform_link_check_nat":{"type":"bool","description_kind":"plain","optional":true},"force_ip_reassembly":{"type":"bool","description_kind":"plain","optional":true},"ipsec_performance_acceleration":{"type":"bool","description_kind":"plain","optional":true},"mcast_buffer_enhance":{"type":"bool","description_kind":"plain","optional":true},"pending_sess_queue_length":{"type":"string","description_kind":"plain","optional":true},"preserve_incoming_fragment_size":{"type":"bool","description_kind":"plain","optional":true},"route_change_timeout":{"type":"number","description_kind":"plain","optional":true},"syn_flood_protection_mode":{"type":"string","description_kind":"plain","optional":true},"sync_icmp_session":{"type":"bool","description_kind":"plain","optional":true}},"block_types":{"advanced_options":{"nesting_mode":"list","block":{"attributes":{"drop_matching_link_local_address":{"type":"bool","description_kind":"plain","optional":true},"drop_matching_reserved_ip_address":{"type":"bool","description_kind":"plain","optional":true},"reverse_route_packet_mode_vr":{"type":"bool","description_kind":"plain","optional":true}},"description_kind":"plain"},"max_items":1},"aging":{"nesting_mode":"list","block":{"attributes":{"early_ageout":{"type":"number","description_kind":"plain","optional":true},"high_watermark":{"type":"number","description_kind":"plain","optional":true},"low_watermark":{"type":"number","description_kind":"plain","optional":true}},"description_kind":"plain"},"max_items":1},"ethernet_switching":{"nesting_mode":"list","block":{"attributes":{"block_non_ip_all":{"type":"bool","description_kind":"plain","optional":true},"bpdu_vlan_flooding":{"type":"bool","description_kind":"plain","optional":true},"bypass_non_ip_unicast":{"type":"bool","description_kind":"plain","optional":true}},"block_types":{"no_packet_flooding":{"nesting_mode":"list","block":{"attributes":{"no_trace_route":{"type":"bool","description_kind":"plain","optional":true}},"description_kind":"plain"},"max_items":1}},"description_kind":"plain"},"max_items":1},"tcp_mss":{"nesting_mode":"list","block":{"attributes":{"all_tcp_mss":{"type":"number","description_kind":"plain","optional":true}},"block_types":{"gre_in":{"nesting_mode":"list","block":{"attributes":{"mss":{"type":"number","description_kind":"plain","optional":true}},"description_kind":"plain"},"max_items":1},"gre_out":{"nesting_mode":"list","block":{"attributes":{"mss":{"type":"number","description_kind":"plain","optional":true}},"description_kind":"plain"},"max_items":1},"ipsec_vpn":{"nesting_mode":"list","block":{"attributes":{"mss":{"type":"number","description_kind":"plain","optional":true}},"description_kind":"plain"},"max_items":1}},"description_kind":"plain"},"max_items":1},"tcp_session":{"nesting_mode":"list","block":{"attributes":{"fin_invalidate_session":{"type":"bool","description_kind":"plain","optional":true},"maximum_window":{"type":"string","description_kind":"plain","optional":true},"no_sequence_check":{"type":"bool","description_kind":"plain","optional":true},"no_syn_check":{"type":"bool","description_kind":"plain","optional":true},"no_syn_check_in_tunnel":{"type":"bool","description_kind":"plain","optional":true},"rst_invalidate_session":{"type":"bool","description_kind":"plain","optional":true},"rst_sequence_check":{"type":"bool","description_kind":"plain","optional":true},"strict_syn_check":{"type":"bool","description_kind":"plain","optional":true},"tcp_initial_timeout":{"type":"number","description_kind":"plain","optional":true}},"block_types":{"time_wait_state":{"nesting_mode":"list","block":{"attributes":{"apply_to_half_close_state":{"type":"bool","description_kind":"plain","optional":true},"session_ageout":{"type":"bool","description_kind":"plain","optional":true},"session_timeout":{"type":"number","description_kind":"plain","optional":true}},"description_kind":"plain"},"max_items":1}},"description_kind":"plain"},"max_items":1}},"description_kind":"plain"},"max_items":1},"forwarding_options":{"nesting_mode":"list","block":{"attributes":{"inet6_mode":{"type":"string","description_kind":"plain","optional":true},"iso_mode_packet_based":{"type":"bool","description_kind":"plain","optional":true},"mpls_mode":{"type":"string","description_kind":"plain","optional":true}},"description_kind":"plain"},"max_items":1},"ike_traceoptions":{"nesting_mode":"list","block":{"attributes":{"flag":{"type":["list","string"],"description_kind":"plain","optional":true},"no_remote_trace":{"type":"bool","description_kind":"plain","optional":true},"rate_limit":{"type":"number","description_kind":"plain","optional":true}},"block_types":{"file":{"nesting_mode":"list","block":{"attributes":{"files":{"type":"number","description_kind":"plain","optional":true},"match":{"type":"string","description_kind":"plain","optional":true},"name":{"type":"string","description_kind":"plain","optional":true},"no_world_readable":{"type":"bool","description_kind":"plain","optional":true},"size":{"type":"number","description_kind":"plain","optional":true},"world_readable":{"type":"bool","description_kind":"plain","optional":true}},"description_kind":"plain"},"max_items":1}},"description_kind":"plain"},"max_items":1},"log":{"nesting_mode":"list","block":{"attributes":{"disable":{"type":"bool","description_kind":"plain","optional":true},"event_rate":{"type":"number","description_kind":"plain","optional":true},"facility_override":{"type":"string","description_kind":"plain","optional":true},"format":{"type":"string","description_kind":"plain","optional":true},"max_database_record":{"type":"number","description_kind":"plain","optional":true},"mode":{"type":"string","description_kind":"plain","optional":true},"rate_cap":{"type":"number","description_kind":"plain","optional":true},"report":{"type":"bool","description_kind":"plain","optional":true},"source_address":{"type":"string","description_kind":"plain","optional":true},"source_interface":{"type":"string","description_kind":"plain","optional":true},"utc_timestamp":{"type":"bool","description_kind":"plain","optional":true}},"block_types":{"file":{"nesting_mode":"list","block":{"attributes":{"files":{"type":"number","description_kind":"plain","optional":true},"name":{"type":"string","description_kind":"plain","optional":true},"path":{"type":"string","description_kind":"plain","optional":true},"size":{"type":"number","description_kind":"plain","optional":true}},"description_kind":"plain"},"max_items":1},"transport":{"nesting_mode":"list","block":{"attributes":{"protocol":{"type":"string","description_kind":"plain","optional":true},"tcp_connections":{"type":"number","description_kind":"plain","optional":true},"tls_profile":{"type":"string","description_kind":"plain","optional":true}},"description_kind":"plain"},"max_items":1}},"description_kind":"plain"},"max_items":1},"utm":{"nesting_mode":"list","block":{"attributes":{"feature_profile_web_filtering_type":{"type":"string","description_kind":"plain","optional":true}},"description_kind":"plain"},"max_items":1}},"description_kind":"plain"}},"junos_security_ike_gateway":{"version":0,"block":{"attributes":{"address":{"type":["list","string"],"description_kind":"plain","optional":true},"external_interface":{"type":"string","description_kind":"plain","required":true},"general_ike_id":{"type":"bool","description_kind":"plain","optional":true},"id":{"type":"string","description_kind":"plain","optional":true,"computed":true},"local_address":{"type":"string","description_kind":"plain","optional":true},"name":{"type":"string","description_kind":"plain","required":true},"no_nat_traversal":{"type":"bool","description_kind":"plain","optional":true},"policy":{"type":"string","description_kind":"plain","required":true},"version":{"type":"string","description_kind":"plain","optional":true}},"block_types":{"aaa":{"nesting_mode":"list","block":{"attributes":{"access_profile":{"type":"string","description_kind":"plain","optional":true},"client_password":{"type":"string","description_kind":"plain","optional":true},"client_username":{"type":"string","description_kind":"plain","optional":true}},"description_kind":"plain"},"max_items":1},"dead_peer_detection":{"nesting_mode":"list","block":{"attributes":{"interval":{"type":"number","description_kind":"plain","optional":true},"send_mode":{"type":"string","description_kind":"plain","optional":true},"threshold":{"type":"number","description_kind":"plain","optional":true}},"description_kind":"plain"},"max_items":1},"dynamic_remote":{"nesting_mode":"list","block":{"attributes":{"connections_limit":{"type":"number","description_kind":"plain","optional":true},"hostname":{"type":"string","description_kind":"plain","optional":true},"ike_user_type":{"type":"string","description_kind":"plain","optional":true},"inet":{"type":"string","description_kind":"plain","optional":true},"inet6":{"type":"string","description_kind":"plain","optional":true},"reject_duplicate_connection":{"type":"bool","description_kind":"plain","optional":true},"user_at_hostname":{"type":"string","description_kind":"plain","optional":true}},"block_types":{"distinguished_name":{"nesting_mode":"list","block":{"attributes":{"container":{"type":"string","description_kind":"plain","optional":true},"wildcard":{"type":"string","description_kind":"plain","optional":true}},"description_kind":"plain"},"max_items":1}},"description_kind":"plain"},"max_items":1},"local_identity":{"nesting_mode":"list","block":{"attributes":{"type":{"type":"string","description_kind":"plain","required":true},"value":{"type":"string","description_kind":"plain","optional":true}},"description_kind":"plain"},"max_items":1},"remote_identity":{"nesting_mode":"list","block":{"attributes":{"type":{"type":"string","description_kind":"plain","required":true},"value":{"type":"string","description_kind":"plain","required":true}},"description_kind":"plain"},"max_items":1}},"description_kind":"plain"}},"junos_security_ike_policy":{"version":0,"block":{"attributes":{"id":{"type":"string","description_kind":"plain","optional":true,"computed":true},"mode":{"type":"string","description_kind":"plain","optional":true},"name":{"type":"string","description_kind":"plain","required":true},"pre_shared_key_hexa":{"type":"string","description_kind":"plain","optional":true,"sensitive":true},"pre_shared_key_text":{"type":"string","description_kind":"plain","optional":true,"sensitive":true},"proposal_set":{"type":"string","description_kind":"plain","optional":true},"proposals":{"type":["list","string"],"description_kind":"plain","optional":true}},"description_kind":"plain"}},"junos_security_ike_proposal":{"version":0,"block":{"attributes":{"authentication_algorithm":{"type":"string","description_kind":"plain","optional":true},"authentication_method":{"type":"string","description_kind":"plain","optional":true},"dh_group":{"type":"string","description_kind":"plain","optional":true},"encryption_algorithm":{"type":"string","description_kind":"plain","optional":true},"id":{"type":"string","description_kind":"plain","optional":true,"computed":true},"lifetime_seconds":{"type":"number","description_kind":"plain","optional":true},"name":{"type":"string","description_kind":"plain","required":true}},"description_kind":"plain"}},"junos_security_ipsec_policy":{"version":0,"block":{"attributes":{"id":{"type":"string","description_kind":"plain","optional":true,"computed":true},"name":{"type":"string","description_kind":"plain","required":true},"pfs_keys":{"type":"string","description_kind":"plain","optional":true},"proposal_set":{"type":"string","description_kind":"plain","optional":true},"proposals":{"type":["list","string"],"description_kind":"plain","optional":true}},"description_kind":"plain"}},"junos_security_ipsec_proposal":{"version":0,"block":{"attributes":{"authentication_algorithm":{"type":"string","description_kind":"plain","optional":true},"encryption_algorithm":{"type":"string","description_kind":"plain","optional":true},"id":{"type":"string","description_kind":"plain","optional":true,"computed":true},"lifetime_kilobytes":{"type":"number","description_kind":"plain","optional":true},"lifetime_seconds":{"type":"number","description_kind":"plain","optional":true},"name":{"type":"string","description_kind":"plain","required":true},"protocol":{"type":"string","description_kind":"plain","optional":true}},"description_kind":"plain"}},"junos_security_ipsec_vpn":{"version":0,"block":{"attributes":{"bind_interface":{"type":"string","description_kind":"plain","optional":true,"computed":true},"bind_interface_auto":{"type":"bool","description_kind":"plain","deprecated":true,"optional":true},"df_bit":{"type":"string","description_kind":"plain","optional":true},"establish_tunnels":{"type":"string","description_kind":"plain","optional":true},"id":{"type":"string","description_kind":"plain","optional":true,"computed":true},"name":{"type":"string","description_kind":"plain","required":true}},"block_types":{"ike":{"nesting_mode":"list","block":{"attributes":{"gateway":{"type":"string","description_kind":"plain","required":true},"identity_local":{"type":"string","description_kind":"plain","optional":true},"identity_remote":{"type":"string","description_kind":"plain","optional":true},"identity_service":{"type":"string","description_kind":"plain","optional":true},"policy":{"type":"string","description_kind":"plain","required":true}},"description_kind":"plain"},"min_items":1,"max_items":1},"traffic_selector":{"nesting_mode":"list","block":{"attributes":{"local_ip":{"type":"string","description_kind":"plain","required":true},"name":{"type":"string","description_kind":"plain","required":true},"remote_ip":{"type":"string","description_kind":"plain","required":true}},"description_kind":"plain"}},"vpn_monitor":{"nesting_mode":"list","block":{"attributes":{"destination_ip":{"type":"string","description_kind":"plain","optional":true},"optimized":{"type":"bool","description_kind":"plain","optional":true},"source_interface":{"type":"string","description_kind":"plain","optional":true,"computed":true},"source_interface_auto":{"type":"bool","description_kind":"plain","optional":true}},"description_kind":"plain"},"max_items":1}},"description_kind":"plain"}},"junos_security_log_stream":{"version":0,"block":{"attributes":{"category":{"type":["list","string"],"description_kind":"plain","optional":true},"filter_threat_attack":{"type":"bool","description_kind":"plain","optional":true},"format":{"type":"string","description_kind":"plain","optional":true},"id":{"type":"string","description_kind":"plain","optional":true,"computed":true},"name":{"type":"string","description_kind":"plain","required":true},"rate_limit":{"type":"number","description_kind":"plain","optional":true},"severity":{"type":"string","description_kind":"plain","optional":true}},"block_types":{"file":{"nesting_mode":"list","block":{"attributes":{"allow_duplicates":{"type":"bool","description_kind":"plain","optional":true},"name":{"type":"string","description_kind":"plain","required":true},"rotation":{"type":"number","description_kind":"plain","optional":true},"size":{"type":"number","description_kind":"plain","optional":true}},"description_kind":"plain"},"max_items":1},"host":{"nesting_mode":"list","block":{"attributes":{"ip_address":{"type":"string","description_kind":"plain","required":true},"port":{"type":"number","description_kind":"plain","optional":true},"routing_instance":{"type":"string","description_kind":"plain","optional":true}},"description_kind":"plain"},"max_items":1}},"description_kind":"plain"}},"junos_security_nat_destination":{"version":0,"block":{"attributes":{"id":{"type":"string","description_kind":"plain","optional":true,"computed":true},"name":{"type":"string","description_kind":"plain","required":true}},"block_types":{"from":{"nesting_mode":"list","block":{"attributes":{"type":{"type":"string","description_kind":"plain","required":true},"value":{"type":["list","string"],"description_kind":"plain","required":true}},"description_kind":"plain"},"min_items":1,"max_items":1},"rule":{"nesting_mode":"list","block":{"attributes":{"destination_address":{"type":"string","description_kind":"plain","required":true},"name":{"type":"string","description_kind":"plain","required":true}},"block_types":{"then":{"nesting_mode":"list","block":{"attributes":{"pool":{"type":"string","description_kind":"plain","optional":true},"type":{"type":"string","description_kind":"plain","required":true}},"description_kind":"plain"},"min_items":1,"max_items":1}},"description_kind":"plain"},"min_items":1}},"description_kind":"plain"}},"junos_security_nat_destination_pool":{"version":0,"block":{"attributes":{"address":{"type":"string","description_kind":"plain","required":true},"address_port":{"type":"number","description_kind":"plain","optional":true},"address_to":{"type":"string","description_kind":"plain","optional":true},"id":{"type":"string","description_kind":"plain","optional":true,"computed":true},"name":{"type":"string","description_kind":"plain","required":true},"routing_instance":{"type":"string","description_kind":"plain","optional":true}},"description_kind":"plain"}},"junos_security_nat_source":{"version":0,"block":{"attributes":{"id":{"type":"string","description_kind":"plain","optional":true,"computed":true},"name":{"type":"string","description_kind":"plain","required":true}},"block_types":{"from":{"nesting_mode":"list","block":{"attributes":{"type":{"type":"string","description_kind":"plain","required":true},"value":{"type":["list","string"],"description_kind":"plain","required":true}},"description_kind":"plain"},"min_items":1,"max_items":1},"rule":{"nesting_mode":"list","block":{"attributes":{"name":{"type":"string","description_kind":"plain","required":true}},"block_types":{"match":{"nesting_mode":"list","block":{"attributes":{"destination_address":{"type":["list","string"],"description_kind":"plain","optional":true},"protocol":{"type":["list","string"],"description_kind":"plain","optional":true},"source_address":{"type":["list","string"],"description_kind":"plain","optional":true}},"description_kind":"plain"},"min_items":1,"max_items":1},"then":{"nesting_mode":"list","block":{"attributes":{"pool":{"type":"string","description_kind":"plain","optional":true},"type":{"type":"string","description_kind":"plain","required":true}},"description_kind":"plain"},"min_items":1,"max_items":1}},"description_kind":"plain"},"min_items":1},"to":{"nesting_mode":"list","block":{"attributes":{"type":{"type":"string","description_kind":"plain","required":true},"value":{"type":["list","string"],"description_kind":"plain","required":true}},"description_kind":"plain"},"min_items":1,"max_items":1}},"description_kind":"plain"}},"junos_security_nat_source_pool":{"version":0,"block":{"attributes":{"address":{"type":["list","string"],"description_kind":"plain","required":true},"id":{"type":"string","description_kind":"plain","optional":true,"computed":true},"name":{"type":"string","description_kind":"plain","required":true},"port_no_translation":{"type":"bool","description_kind":"plain","optional":true},"port_overloading_factor":{"type":"number","description_kind":"plain","optional":true},"port_range":{"type":"string","description_kind":"plain","optional":true},"routing_instance":{"type":"string","description_kind":"plain","optional":true}},"description_kind":"plain"}},"junos_security_nat_static":{"version":0,"block":{"attributes":{"id":{"type":"string","description_kind":"plain","optional":true,"computed":true},"name":{"type":"string","description_kind":"plain","required":true}},"block_types":{"from":{"nesting_mode":"list","block":{"attributes":{"type":{"type":"string","description_kind":"plain","required":true},"value":{"type":["list","string"],"description_kind":"plain","required":true}},"description_kind":"plain"},"min_items":1,"max_items":1},"rule":{"nesting_mode":"list","block":{"attributes":{"destination_address":{"type":"string","description_kind":"plain","required":true},"name":{"type":"string","description_kind":"plain","required":true}},"block_types":{"then":{"nesting_mode":"list","block":{"attributes":{"prefix":{"type":"string","description_kind":"plain","optional":true},"routing_instance":{"type":"string","description_kind":"plain","optional":true},"type":{"type":"string","description_kind":"plain","required":true}},"description_kind":"plain"},"min_items":1,"max_items":1}},"description_kind":"plain"},"min_items":1}},"description_kind":"plain"}},"junos_security_policy":{"version":0,"block":{"attributes":{"from_zone":{"type":"string","description_kind":"plain","required":true},"id":{"type":"string","description_kind":"plain","optional":true,"computed":true},"to_zone":{"type":"string","description_kind":"plain","required":true}},"block_types":{"policy":{"nesting_mode":"list","block":{"attributes":{"count":{"type":"bool","description_kind":"plain","optional":true},"log_close":{"type":"bool","description_kind":"plain","optional":true},"log_init":{"type":"bool","description_kind":"plain","optional":true},"match_application":{"type":["list","string"],"description_kind":"plain","required":true},"match_destination_address":{"type":["list","string"],"description_kind":"plain","required":true},"match_source_address":{"type":["list","string"],"description_kind":"plain","required":true},"name":{"type":"string","description_kind":"plain","required":true},"permit_tunnel_ipsec_vpn":{"type":"string","description_kind":"plain","optional":true},"then":{"type":"string","description_kind":"plain","optional":true}},"block_types":{"permit_application_services":{"nesting_mode":"list","block":{"attributes":{"application_firewall_rule_set":{"type":"string","description_kind":"plain","optional":true},"application_traffic_control_rule_set":{"type":"string","description_kind":"plain","optional":true},"gprs_gtp_profile":{"type":"string","description_kind":"plain","optional":true},"gprs_sctp_profile":{"type":"string","description_kind":"plain","optional":true},"idp":{"type":"bool","description_kind":"plain","optional":true},"redirect_wx":{"type":"bool","description_kind":"plain","optional":true},"reverse_redirect_wx":{"type":"bool","description_kind":"plain","optional":true},"security_intelligence_policy":{"type":"string","description_kind":"plain","optional":true},"utm_policy":{"type":"string","description_kind":"plain","optional":true}},"block_types":{"ssl_proxy":{"nesting_mode":"list","block":{"attributes":{"profile_name":{"type":"string","description_kind":"plain","optional":true}},"description_kind":"plain"},"max_items":1},"uac_policy":{"nesting_mode":"list","block":{"attributes":{"captive_portal":{"type":"string","description_kind":"plain","optional":true}},"description_kind":"plain"},"max_items":1}},"description_kind":"plain"},"max_items":1}},"description_kind":"plain"},"min_items":1}},"description_kind":"plain"}},"junos_security_policy_tunnel_pair_policy":{"version":0,"block":{"attributes":{"id":{"type":"string","description_kind":"plain","optional":true,"computed":true},"policy_a_to_b":{"type":"string","description_kind":"plain","required":true},"policy_b_to_a":{"type":"string","description_kind":"plain","required":true},"zone_a":{"type":"string","description_kind":"plain","required":true},"zone_b":{"type":"string","description_kind":"plain","required":true}},"description_kind":"plain"}},"junos_security_utm_custom_url_pattern":{"version":0,"block":{"attributes":{"id":{"type":"string","description_kind":"plain","optional":true,"computed":true},"name":{"type":"string","description_kind":"plain","required":true},"value":{"type":["list","string"],"description_kind":"plain","required":true}},"description_kind":"plain"}},"junos_security_utm_policy":{"version":0,"block":{"attributes":{"anti_spam_smtp_profile":{"type":"string","description_kind":"plain","optional":true},"id":{"type":"string","description_kind":"plain","optional":true,"computed":true},"name":{"type":"string","description_kind":"plain","required":true},"web_filtering_profile":{"type":"string","description_kind":"plain","optional":true}},"block_types":{"anti_virus":{"nesting_mode":"list","block":{"attributes":{"ftp_download_profile":{"type":"string","description_kind":"plain","optional":true},"ftp_upload_profile":{"type":"string","description_kind":"plain","optional":true},"http_profile":{"type":"string","description_kind":"plain","optional":true},"imap_profile":{"type":"string","description_kind":"plain","optional":true},"pop3_profile":{"type":"string","description_kind":"plain","optional":true},"smtp_profile":{"type":"string","description_kind":"plain","optional":true}},"description_kind":"plain"},"max_items":1},"content_filtering":{"nesting_mode":"list","block":{"attributes":{"ftp_download_profile":{"type":"string","description_kind":"plain","optional":true},"ftp_upload_profile":{"type":"string","description_kind":"plain","optional":true},"http_profile":{"type":"string","description_kind":"plain","optional":true},"imap_profile":{"type":"string","description_kind":"plain","optional":true},"pop3_profile":{"type":"string","description_kind":"plain","optional":true},"smtp_profile":{"type":"string","description_kind":"plain","optional":true}},"description_kind":"plain"},"max_items":1},"traffic_sessions_per_client":{"nesting_mode":"list","block":{"attributes":{"limit":{"type":"number","description_kind":"plain","optional":true},"over_limit":{"type":"string","description_kind":"plain","optional":true}},"description_kind":"plain"},"max_items":1}},"description_kind":"plain"}},"junos_security_utm_profile_web_filtering_juniper_enhanced":{"version":0,"block":{"attributes":{"custom_block_message":{"type":"string","description_kind":"plain","optional":true},"default_action":{"type":"string","description_kind":"plain","optional":true},"id":{"type":"string","description_kind":"plain","optional":true,"computed":true},"name":{"type":"string","description_kind":"plain","required":true},"no_safe_search":{"type":"bool","description_kind":"plain","optional":true},"quarantine_custom_message":{"type":"string","description_kind":"plain","optional":true},"timeout":{"type":"number","description_kind":"plain","optional":true}},"block_types":{"block_message":{"nesting_mode":"list","block":{"attributes":{"type_custom_redirect_url":{"type":"bool","description_kind":"plain","optional":true},"url":{"type":"string","description_kind":"plain","optional":true}},"description_kind":"plain"},"max_items":1},"category":{"nesting_mode":"list","block":{"attributes":{"action":{"type":"string","description_kind":"plain","required":true},"name":{"type":"string","description_kind":"plain","required":true}},"block_types":{"reputation_action":{"nesting_mode":"list","block":{"attributes":{"action":{"type":"string","description_kind":"plain","required":true},"site_reputation":{"type":"string","description_kind":"plain","required":true}},"description_kind":"plain"}}},"description_kind":"plain"}},"fallback_settings":{"nesting_mode":"list","block":{"attributes":{"default":{"type":"string","description_kind":"plain","optional":true},"server_connectivity":{"type":"string","description_kind":"plain","optional":true},"timeout":{"type":"string","description_kind":"plain","optional":true},"too_many_requests":{"type":"string","description_kind":"plain","optional":true}},"description_kind":"plain"},"max_items":1},"quarantine_message":{"nesting_mode":"list","block":{"attributes":{"type_custom_redirect_url":{"type":"bool","description_kind":"plain","optional":true},"url":{"type":"string","description_kind":"plain","optional":true}},"description_kind":"plain"},"max_items":1},"site_reputation_action":{"nesting_mode":"list","block":{"attributes":{"action":{"type":"string","description_kind":"plain","required":true},"site_reputation":{"type":"string","description_kind":"plain","required":true}},"description_kind":"plain"}}},"description_kind":"plain"}},"junos_security_utm_profile_web_filtering_juniper_local":{"version":0,"block":{"attributes":{"custom_block_message":{"type":"string","description_kind":"plain","optional":true},"default_action":{"type":"string","description_kind":"plain","optional":true},"id":{"type":"string","description_kind":"plain","optional":true,"computed":true},"name":{"type":"string","description_kind":"plain","required":true},"timeout":{"type":"number","description_kind":"plain","optional":true}},"block_types":{"fallback_settings":{"nesting_mode":"list","block":{"attributes":{"default":{"type":"string","description_kind":"plain","optional":true},"server_connectivity":{"type":"string","description_kind":"plain","optional":true},"timeout":{"type":"string","description_kind":"plain","optional":true},"too_many_requests":{"type":"string","description_kind":"plain","optional":true}},"description_kind":"plain"},"max_items":1}},"description_kind":"plain"}},"junos_security_utm_profile_web_filtering_websense_redirect":{"version":0,"block":{"attributes":{"account":{"type":"string","description_kind":"plain","optional":true},"custom_block_message":{"type":"string","description_kind":"plain","optional":true},"id":{"type":"string","description_kind":"plain","optional":true,"computed":true},"name":{"type":"string","description_kind":"plain","required":true},"sockets":{"type":"number","description_kind":"plain","optional":true},"timeout":{"type":"number","description_kind":"plain","optional":true}},"block_types":{"fallback_settings":{"nesting_mode":"list","block":{"attributes":{"default":{"type":"string","description_kind":"plain","optional":true},"server_connectivity":{"type":"string","description_kind":"plain","optional":true},"timeout":{"type":"string","description_kind":"plain","optional":true},"too_many_requests":{"type":"string","description_kind":"plain","optional":true}},"description_kind":"plain"},"max_items":1},"server":{"nesting_mode":"list","block":{"attributes":{"host":{"type":"string","description_kind":"plain","optional":true},"port":{"type":"number","description_kind":"plain","optional":true}},"description_kind":"plain"},"max_items":1}},"description_kind":"plain"}},"junos_security_zone":{"version":0,"block":{"attributes":{"id":{"type":"string","description_kind":"plain","optional":true,"computed":true},"inbound_protocols":{"type":["list","string"],"description_kind":"plain","optional":true},"inbound_services":{"type":["list","string"],"description_kind":"plain","optional":true},"name":{"type":"string","description_kind":"plain","required":true}},"block_types":{"address_book":{"nesting_mode":"list","block":{"attributes":{"name":{"type":"string","description_kind":"plain","required":true},"network":{"type":"string","description_kind":"plain","required":true}},"description_kind":"plain"}},"address_book_set":{"nesting_mode":"list","block":{"attributes":{"address":{"type":["list","string"],"description_kind":"plain","required":true},"name":{"type":"string","description_kind":"plain","required":true}},"description_kind":"plain"}}},"description_kind":"plain"}},"junos_static_route":{"version":0,"block":{"attributes":{"community":{"type":["list","string"],"description_kind":"plain","optional":true},"destination":{"type":"string","description_kind":"plain","required":true},"id":{"type":"string","description_kind":"plain","optional":true,"computed":true},"metric":{"type":"number","description_kind":"plain","optional":true},"next_hop":{"type":["list","string"],"description_kind":"plain","optional":true},"preference":{"type":"number","description_kind":"plain","optional":true},"routing_instance":{"type":"string","description_kind":"plain","optional":true}},"block_types":{"qualified_next_hop":{"nesting_mode":"list","block":{"attributes":{"metric":{"type":"number","description_kind":"plain","optional":true},"next_hop":{"type":"string","description_kind":"plain","required":true},"preference":{"type":"number","description_kind":"plain","optional":true}},"description_kind":"plain"}}},"description_kind":"plain"}},"junos_system":{"version":0,"block":{"attributes":{"id":{"type":"string","description_kind":"plain","optional":true,"computed":true},"name_server":{"type":["list","string"],"description_kind":"plain","optional":true},"tracing_dest_override_syslog_host":{"type":"string","description_kind":"plain","optional":true}},"block_types":{"services":{"nesting_mode":"list","block":{"block_types":{"ssh":{"nesting_mode":"list","block":{"attributes":{"authentication_order":{"type":["list","string"],"description_kind":"plain","optional":true},"ciphers":{"type":["list","string"],"description_kind":"plain","optional":true},"client_alive_count_max":{"type":"number","description_kind":"plain","optional":true},"client_alive_interval":{"type":"number","description_kind":"plain","optional":true},"connection_limit":{"type":"number","description_kind":"plain","optional":true},"fingerprint_hash":{"type":"string","description_kind":"plain","optional":true},"hostkey_algorithm":{"type":["list","string"],"description_kind":"plain","optional":true},"key_exchange":{"type":["list","string"],"description_kind":"plain","optional":true},"log_key_changes":{"type":"bool","description_kind":"plain","optional":true},"macs":{"type":["list","string"],"description_kind":"plain","optional":true},"max_pre_authentication_packets":{"type":"number","description_kind":"plain","optional":true},"max_sessions_per_connection":{"type":"number","description_kind":"plain","optional":true},"no_passwords":{"type":"bool","description_kind":"plain","optional":true},"no_public_keys":{"type":"bool","description_kind":"plain","optional":true},"no_tcp_forwarding":{"type":"bool","description_kind":"plain","optional":true},"port":{"type":"number","description_kind":"plain","optional":true},"protocol_version":{"type":["list","string"],"description_kind":"plain","optional":true},"rate_limit":{"type":"number","description_kind":"plain","optional":true},"root_login":{"type":"string","description_kind":"plain","optional":true},"tcp_forwarding":{"type":"bool","description_kind":"plain","optional":true}},"description_kind":"plain"},"max_items":1}},"description_kind":"plain"},"max_items":1},"syslog":{"nesting_mode":"list","block":{"attributes":{"log_rotate_frequency":{"type":"number","description_kind":"plain","optional":true},"source_address":{"type":"string","description_kind":"plain","optional":true}},"block_types":{"archive":{"nesting_mode":"list","block":{"attributes":{"binary_data":{"type":"bool","description_kind":"plain","optional":true},"files":{"type":"number","description_kind":"plain","optional":true},"no_binary_data":{"type":"bool","description_kind":"plain","optional":true},"no_world_readable":{"type":"bool","description_kind":"plain","optional":true},"size":{"type":"number","description_kind":"plain","optional":true},"world_readable":{"type":"bool","description_kind":"plain","optional":true}},"description_kind":"plain"},"max_items":1}},"description_kind":"plain"},"max_items":1}},"description_kind":"plain"}},"junos_system_ntp_server":{"version":0,"block":{"attributes":{"address":{"type":"string","description_kind":"plain","required":true},"id":{"type":"string","description_kind":"plain","optional":true,"computed":true},"key":{"type":"number","description_kind":"plain","optional":true},"prefer":{"type":"bool","description_kind":"plain","optional":true},"routing_instance":{"type":"string","description_kind":"plain","optional":true},"version":{"type":"number","description_kind":"plain","optional":true}},"description_kind":"plain"}},"junos_system_radius_server":{"version":0,"block":{"attributes":{"accounting_port":{"type":"number","description_kind":"plain","optional":true},"accounting_retry":{"type":"number","description_kind":"plain","optional":true},"accouting_timeout":{"type":"number","description_kind":"plain","optional":true},"address":{"type":"string","description_kind":"plain","required":true},"dynamic_request_port":{"type":"number","description_kind":"plain","optional":true},"id":{"type":"string","description_kind":"plain","optional":true,"computed":true},"max_outstanding_requests":{"type":"number","description_kind":"plain","optional":true},"port":{"type":"number","description_kind":"plain","optional":true},"preauthentication_port":{"type":"number","description_kind":"plain","optional":true},"preauthentication_secret":{"type":"string","description_kind":"plain","optional":true,"sensitive":true},"retry":{"type":"number","description_kind":"plain","optional":true},"routing_instance":{"type":"string","description_kind":"plain","optional":true},"secret":{"type":"string","description_kind":"plain","required":true,"sensitive":true},"source_address":{"type":"string","description_kind":"plain","optional":true},"timeout":{"type":"number","description_kind":"plain","optional":true}},"description_kind":"plain"}},"junos_system_syslog_file":{"version":0,"block":{"attributes":{"allow_duplicates":{"type":"bool","description_kind":"plain","optional":true},"any_severity":{"type":"string","description_kind":"plain","optional":true},"authorization_severity":{"type":"string","description_kind":"plain","optional":true},"changelog_severity":{"type":"string","description_kind":"plain","optional":true},"conflictlog_severity":{"type":"string","description_kind":"plain","optional":true},"daemon_severity":{"type":"string","description_kind":"plain","optional":true},"dfc_severity":{"type":"string","description_kind":"plain","optional":true},"explicit_priority":{"type":"bool","description_kind":"plain","optional":true},"external_severity":{"type":"string","description_kind":"plain","optional":true},"filename":{"type":"string","description_kind":"plain","required":true},"firewall_severity":{"type":"string","description_kind":"plain","optional":true},"ftp_severity":{"type":"string","description_kind":"plain","optional":true},"id":{"type":"string","description_kind":"plain","optional":true,"computed":true},"interactivecommands_severity":{"type":"string","description_kind":"plain","optional":true},"kernel_severity":{"type":"string","description_kind":"plain","optional":true},"match":{"type":"string","description_kind":"plain","optional":true},"match_strings":{"type":["list","string"],"description_kind":"plain","optional":true},"ntp_severity":{"type":"string","description_kind":"plain","optional":true},"pfe_severity":{"type":"string","description_kind":"plain","optional":true},"security_severity":{"type":"string","description_kind":"plain","optional":true},"user_severity":{"type":"string","description_kind":"plain","optional":true}},"block_types":{"archive":{"nesting_mode":"list","block":{"attributes":{"binary_data":{"type":"bool","description_kind":"plain","optional":true},"files":{"type":"number","description_kind":"plain","optional":true},"no_binary_data":{"type":"bool","description_kind":"plain","optional":true},"no_world_readable":{"type":"bool","description_kind":"plain","optional":true},"size":{"type":"number","description_kind":"plain","optional":true},"start_time":{"type":"string","description_kind":"plain","optional":true},"transfer_interval":{"type":"number","description_kind":"plain","optional":true},"world_readable":{"type":"bool","description_kind":"plain","optional":true}},"block_types":{"sites":{"nesting_mode":"list","block":{"attributes":{"password":{"type":"string","description_kind":"plain","optional":true,"sensitive":true},"routing_instance":{"type":"string","description_kind":"plain","optional":true},"url":{"type":"string","description_kind":"plain","required":true}},"description_kind":"plain"}}},"description_kind":"plain"},"max_items":1},"structured_data":{"nesting_mode":"list","block":{"attributes":{"brief":{"type":"bool","description_kind":"plain","optional":true}},"description_kind":"plain"},"max_items":1}},"description_kind":"plain"}},"junos_system_syslog_host":{"version":0,"block":{"attributes":{"allow_duplicates":{"type":"bool","description_kind":"plain","optional":true},"any_severity":{"type":"string","description_kind":"plain","optional":true},"authorization_severity":{"type":"string","description_kind":"plain","optional":true},"changelog_severity":{"type":"string","description_kind":"plain","optional":true},"conflictlog_severity":{"type":"string","description_kind":"plain","optional":true},"daemon_severity":{"type":"string","description_kind":"plain","optional":true},"dfc_severity":{"type":"string","description_kind":"plain","optional":true},"exclude_hostname":{"type":"bool","description_kind":"plain","optional":true},"explicit_priority":{"type":"bool","description_kind":"plain","optional":true},"external_severity":{"type":"string","description_kind":"plain","optional":true},"facility_override":{"type":"string","description_kind":"plain","optional":true},"firewall_severity":{"type":"string","description_kind":"plain","optional":true},"ftp_severity":{"type":"string","description_kind":"plain","optional":true},"host":{"type":"string","description_kind":"plain","required":true},"id":{"type":"string","description_kind":"plain","optional":true,"computed":true},"interactivecommands_severity":{"type":"string","description_kind":"plain","optional":true},"kernel_severity":{"type":"string","description_kind":"plain","optional":true},"log_prefix":{"type":"string","description_kind":"plain","optional":true},"match":{"type":"string","description_kind":"plain","optional":true},"match_strings":{"type":["list","string"],"description_kind":"plain","optional":true},"ntp_severity":{"type":"string","description_kind":"plain","optional":true},"pfe_severity":{"type":"string","description_kind":"plain","optional":true},"port":{"type":"number","description_kind":"plain","optional":true},"security_severity":{"type":"string","description_kind":"plain","optional":true},"source_address":{"type":"string","description_kind":"plain","optional":true},"user_severity":{"type":"string","description_kind":"plain","optional":true}},"block_types":{"structured_data":{"nesting_mode":"list","block":{"attributes":{"brief":{"type":"bool","description_kind":"plain","optional":true}},"description_kind":"plain"},"max_items":1}},"description_kind":"plain"}},"junos_vlan":{"version":0,"block":{"attributes":{"community_vlans":{"type":["list","number"],"description_kind":"plain","optional":true},"description":{"type":"string","description_kind":"plain","optional":true},"forward_filter_input":{"type":"string","description_kind":"plain","optional":true},"forward_filter_output":{"type":"string","description_kind":"plain","optional":true},"forward_flood_input":{"type":"string","description_kind":"plain","optional":true},"id":{"type":"string","description_kind":"plain","optional":true,"computed":true},"isolated_vlan":{"type":"number","description_kind":"plain","optional":true},"l3_interface":{"type":"string","description_kind":"plain","optional":true},"name":{"type":"string","description_kind":"plain","required":true},"private_vlan":{"type":"string","description_kind":"plain","optional":true},"service_id":{"type":"number","description_kind":"plain","optional":true},"vlan_id":{"type":"number","description_kind":"plain","optional":true},"vlan_id_list":{"type":["list","string"],"description_kind":"plain","optional":true}},"block_types":{"vxlan":{"nesting_mode":"list","block":{"attributes":{"encapsulate_inner_vlan":{"type":"bool","description_kind":"plain","optional":true},"ingress_node_replication":{"type":"bool","description_kind":"plain","optional":true},"multicast_group":{"type":"string","description_kind":"plain","optional":true},"ovsdb_managed":{"type":"bool","description_kind":"plain","optional":true},"unreachable_vtep_aging_timer":{"type":"number","description_kind":"plain","optional":true},"vni":{"type":"number","description_kind":"plain","required":true}},"description_kind":"plain"},"max_items":1}},"description_kind":"plain"}}},"data_source_schemas":{"junos_interface":{"version":0,"block":{"attributes":{"ae_lacp":{"type":"string","description_kind":"plain","computed":true},"ae_link_speed":{"type":"string","description_kind":"plain","computed":true},"ae_minimum_links":{"type":"number","description_kind":"plain","computed":true},"config_interface":{"type":"string","description_kind":"plain","optional":true},"description":{"type":"string","description_kind":"plain","computed":true},"ether802_3ad":{"type":"string","description_kind":"plain","computed":true},"id":{"type":"string","description_kind":"plain","optional":true,"computed":true},"inet":{"type":"bool","description_kind":"plain","computed":true},"inet6":{"type":"bool","description_kind":"plain","computed":true},"inet6_address":{"type":["list",["object",{"address":"string","vrrp_group":["list",["object",{"accept_data":"bool","advertise_interval":"number","identifier":"number","no_accept_data":"bool","no_preempt":"bool","preempt":"bool","priority":"number","track_interface":["list",["object",{"interface":"string","priority_cost":"number"}]],"track_route":["list",["object",{"priority_cost":"number","route":"string","routing_instance":"string"}]],"virtual_address":["list","string"],"virtual_link_local_address":"string"}]]}]],"description_kind":"plain","computed":true},"inet6_filter_input":{"type":"string","description_kind":"plain","computed":true},"inet6_filter_output":{"type":"string","description_kind":"plain","computed":true},"inet6_mtu":{"type":"number","description_kind":"plain","computed":true},"inet_address":{"type":["list",["object",{"address":"string","vrrp_group":["list",["object",{"accept_data":"bool","advertise_interval":"number","advertisements_threshold":"number","authentication_key":"string","authentication_type":"string","identifier":"number","no_accept_data":"bool","no_preempt":"bool","preempt":"bool","priority":"number","track_interface":["list",["object",{"interface":"string","priority_cost":"number"}]],"track_route":["list",["object",{"priority_cost":"number","route":"string","routing_instance":"string"}]],"virtual_address":["list","string"]}]]}]],"description_kind":"plain","computed":true},"inet_filter_input":{"type":"string","description_kind":"plain","computed":true},"inet_filter_output":{"type":"string","description_kind":"plain","computed":true},"inet_mtu":{"type":"number","description_kind":"plain","computed":true},"match":{"type":"string","description_kind":"plain","optional":true},"name":{"type":"string","description_kind":"plain","computed":true},"routing_instance":{"type":"string","description_kind":"plain","computed":true},"security_zone":{"type":"string","description_kind":"plain","computed":true},"trunk":{"type":"bool","description_kind":"plain","computed":true},"vlan_members":{"type":["list","string"],"description_kind":"plain","computed":true},"vlan_native":{"type":"number","description_kind":"plain","computed":true},"vlan_tagging":{"type":"bool","description_kind":"plain","computed":true},"vlan_tagging_id":{"type":"number","description_kind":"plain","computed":true}},"description_kind":"plain"}},"junos_system_information":{"version":0,"block":{"attributes":{"cluster_node":{"type":"bool","description_kind":"plain","computed":true},"hardware_model":{"type":"string","description_kind":"plain","computed":true},"id":{"type":"string","description_kind":"plain","optional":true,"computed":true},"os_name":{"type":"string","description_kind":"plain","computed":true},"os_version":{"type":"string","description_kind":"plain","computed":true},"serial_number":{"type":"string","description_kind":"plain","computed":true}},"description_kind":"plain"}}}}}}
