{"format_version":"0.2","provider_schemas":{"registry.terraform.io/jgrancell/infoblox":{"provider":{"version":0,"block":{"attributes":{"host":{"type":"string","description":"Infoblox Base Url(defaults to testing)","description_kind":"plain","required":true},"password":{"type":"string","description":"Infoblox User Password","description_kind":"plain","required":true},"sslverify":{"type":"bool","description":"Enable ssl","description_kind":"plain","optional":true},"usecookies":{"type":"bool","description":"Use cookies","description_kind":"plain","optional":true},"username":{"type":"string","description":"Infoblox Username","description_kind":"plain","required":true}},"description_kind":"plain"}},"resource_schemas":{"infoblox_ip":{"version":0,"block":{"attributes":{"cidr":{"type":"string","description_kind":"plain","optional":true},"exclude":{"type":["set","string"],"description_kind":"plain","optional":true},"id":{"type":"string","description_kind":"plain","optional":true,"computed":true},"ip_range":{"type":"string","description_kind":"plain","optional":true},"ipaddress":{"type":"string","description_kind":"plain","computed":true}},"description_kind":"plain"}},"infoblox_record":{"version":0,"block":{"attributes":{"domain":{"type":"string","description_kind":"plain","required":true},"id":{"type":"string","description_kind":"plain","optional":true,"computed":true},"name":{"type":"string","description_kind":"plain","required":true},"ttl":{"type":"string","description_kind":"plain","optional":true},"type":{"type":"string","description_kind":"plain","required":true},"value":{"type":"string","description_kind":"plain","required":true},"view":{"type":"string","description_kind":"plain","optional":true}},"description_kind":"plain"}},"infoblox_record_a":{"version":0,"block":{"attributes":{"address":{"type":"string","description_kind":"plain","required":true},"comment":{"type":"string","description_kind":"plain","optional":true},"id":{"type":"string","description_kind":"plain","optional":true,"computed":true},"name":{"type":"string","description_kind":"plain","required":true},"ttl":{"type":"number","description_kind":"plain","optional":true},"view":{"type":"string","description_kind":"plain","optional":true}},"description_kind":"plain"}},"infoblox_record_aaaa":{"version":0,"block":{"attributes":{"address":{"type":"string","description_kind":"plain","required":true},"comment":{"type":"string","description_kind":"plain","optional":true},"id":{"type":"string","description_kind":"plain","optional":true,"computed":true},"name":{"type":"string","description_kind":"plain","required":true},"ttl":{"type":"number","description_kind":"plain","optional":true},"view":{"type":"string","description_kind":"plain","optional":true}},"description_kind":"plain"}},"infoblox_record_cname":{"version":0,"block":{"attributes":{"canonical":{"type":"string","description_kind":"plain","required":true},"comment":{"type":"string","description_kind":"plain","optional":true},"id":{"type":"string","description_kind":"plain","optional":true,"computed":true},"name":{"type":"string","description_kind":"plain","required":true},"ttl":{"type":"number","description_kind":"plain","optional":true},"view":{"type":"string","description_kind":"plain","optional":true}},"description_kind":"plain"}},"infoblox_record_host":{"version":0,"block":{"attributes":{"comment":{"type":"string","description_kind":"plain","optional":true},"configure_for_dns":{"type":"bool","description_kind":"plain","optional":true},"id":{"type":"string","description_kind":"plain","optional":true,"computed":true},"name":{"type":"string","description_kind":"plain","required":true},"ttl":{"type":"number","description_kind":"plain","optional":true},"view":{"type":"string","description_kind":"plain","optional":true}},"block_types":{"ipv4addr":{"nesting_mode":"list","block":{"attributes":{"address":{"type":"string","description_kind":"plain","optional":true,"computed":true},"configure_for_dhcp":{"type":"bool","description_kind":"plain","optional":true},"function":{"type":"string","description_kind":"plain","optional":true},"mac":{"type":"string","description_kind":"plain","optional":true}},"description_kind":"plain"}},"ipv6addr":{"nesting_mode":"list","block":{"attributes":{"address":{"type":"string","description_kind":"plain","optional":true,"computed":true},"configure_for_dhcp":{"type":"bool","description_kind":"plain","optional":true},"function":{"type":"string","description_kind":"plain","optional":true},"mac":{"type":"string","description_kind":"plain","optional":true}},"description_kind":"plain"}}},"description_kind":"plain"}},"infoblox_record_mx":{"version":0,"block":{"attributes":{"comment":{"type":"string","description_kind":"plain","optional":true},"exchanger":{"type":"string","description_kind":"plain","required":true},"id":{"type":"string","description_kind":"plain","optional":true,"computed":true},"name":{"type":"string","description_kind":"plain","required":true},"pref":{"type":"number","description_kind":"plain","required":true},"ttl":{"type":"number","description_kind":"plain","optional":true},"view":{"type":"string","description_kind":"plain","optional":true}},"description_kind":"plain"}},"infoblox_record_ptr":{"version":0,"block":{"attributes":{"address":{"type":"string","description_kind":"plain","optional":true},"comment":{"type":"string","description_kind":"plain","optional":true},"id":{"type":"string","description_kind":"plain","optional":true,"computed":true},"name":{"type":"string","description_kind":"plain","optional":true},"ptrdname":{"type":"string","description_kind":"plain","required":true},"ttl":{"type":"number","description_kind":"plain","optional":true},"view":{"type":"string","description_kind":"plain","optional":true}},"description_kind":"plain"}},"infoblox_record_srv":{"version":0,"block":{"attributes":{"comment":{"type":"string","description_kind":"plain","optional":true},"id":{"type":"string","description_kind":"plain","optional":true,"computed":true},"name":{"type":"string","description_kind":"plain","required":true},"port":{"type":"number","description_kind":"plain","required":true},"priority":{"type":"number","description_kind":"plain","required":true},"target":{"type":"string","description_kind":"plain","optional":true},"ttl":{"type":"number","description_kind":"plain","optional":true},"view":{"type":"string","description_kind":"plain","optional":true},"weight":{"type":"number","description_kind":"plain","required":true}},"description_kind":"plain"}},"infoblox_record_txt":{"version":0,"block":{"attributes":{"comment":{"type":"string","description_kind":"plain","optional":true},"id":{"type":"string","description_kind":"plain","optional":true,"computed":true},"name":{"type":"string","description_kind":"plain","required":true},"text":{"type":"string","description_kind":"plain","required":true},"ttl":{"type":"number","description_kind":"plain","optional":true},"view":{"type":"string","description_kind":"plain","optional":true}},"description_kind":"plain"}}}}}}
