{"format_version":"0.2","provider_schemas":{"registry.terraform.io/jgrancell/discourse":{"provider":{"version":0,"block":{"attributes":{"host":{"type":"string","description_kind":"plain","required":true},"token":{"type":"string","description_kind":"plain","required":true},"username":{"type":"string","description_kind":"plain","required":true}},"description_kind":"plain"}},"resource_schemas":{"discourse_group":{"version":1,"block":{"attributes":{"allow_membership_requests":{"type":"bool","description_kind":"plain","optional":true,"computed":true},"default_notification_level":{"type":"number","description_kind":"plain","optional":true,"computed":true},"flair_bg_color":{"type":"string","description_kind":"plain","optional":true,"computed":true},"flair_color":{"type":"string","description_kind":"plain","optional":true,"computed":true},"flair_url":{"type":"string","description_kind":"plain","optional":true,"computed":true},"full_name":{"type":"string","description_kind":"plain","optional":true,"computed":true},"grant_trust_level":{"type":"number","description_kind":"plain","optional":true,"computed":true},"id":{"type":"string","description_kind":"plain","optional":true,"computed":true},"members_visibility_level":{"type":"number","description_kind":"plain","optional":true,"computed":true},"mentionable_level":{"type":"number","description_kind":"plain","optional":true,"computed":true},"messageable_level":{"type":"number","description_kind":"plain","optional":true,"computed":true},"name":{"type":"string","description_kind":"plain","required":true},"primary_group":{"type":"bool","description_kind":"plain","optional":true,"computed":true},"public_admission":{"type":"bool","description_kind":"plain","optional":true,"computed":true},"public_exit":{"type":"bool","description_kind":"plain","optional":true,"computed":true},"title":{"type":"string","description_kind":"plain","optional":true,"computed":true},"visibility_level":{"type":"number","description_kind":"plain","optional":true,"computed":true}},"description_kind":"plain"}},"discourse_setting":{"version":1,"block":{"attributes":{"default":{"type":"string","description_kind":"plain","optional":true,"computed":true},"description":{"type":"string","description_kind":"plain","optional":true,"computed":true},"id":{"type":"string","description_kind":"plain","optional":true,"computed":true},"key":{"type":"string","description_kind":"plain","required":true},"value":{"type":"string","description_kind":"plain","required":true}},"description_kind":"plain"}}}}}}
