{"format_version":"0.2","provider_schemas":{"registry.terraform.io/jgrancell/foreman":{"provider":{"version":0,"block":{"attributes":{"client_password":{"type":"string","description":"The username to authenticate against Foreman. This can also be set through the environment variable `FOREMAN_CLIENT_PASSWORD`. Defaults to `\"\"`.","description_kind":"plain","optional":true},"client_tls_insecure":{"type":"bool","description":"Whether or not to verify the server's certificate. Defaults to `false`.","description_kind":"plain","optional":true},"client_username":{"type":"string","description":"The username to authenticate against Foreman. This can also be set through the environment variable `FOREMAN_CLIENT_USERNAME`. Defaults to `\"\"`.","description_kind":"plain","optional":true},"provider_logfile":{"type":"string","description":"Where to deirect provider-specific log output. A value of '-' preserves the default behavior of the log package from Golang stdlib and will be combined with the main terraform.log file produced by terraform. If the desired output file does not exist, it will be created. If the file already exists, logs will be appended to the file. This can also be set through the enviornment variable `FOREMAN_PROVIDER_LOGFILE`. Defaults to `'terraform-provider-foreman.log'`.","description_kind":"plain","optional":true},"provider_loglevel":{"type":"string","description":"The level of verbosity for the provider's log file. This setting determines which types of log messages are written and which are ignored. Possible values (from most verbose to least verbose) include 'DEBUG', 'TRACE', 'INFO', 'WARNING', 'ERROR', and 'NONE'.  The provider's logs will be written to the location specified by `provider_logfile`. This can also be set through the environment variable `FOREMAN_PROVIDER_LOGLEVEL`. Defaults to `'INFO'`.","description_kind":"plain","optional":true},"server_hostname":{"type":"string","description":"The hostname / IP address of the Foreman REST API server. This can also be set through the environment variable `FOREMAN_SERVER_HOSTNAME`. ","description_kind":"plain","required":true},"server_protocol":{"type":"string","description":"The protocol the Foreman REST API server is using for communication. Defaults to `\"https\"`.","description_kind":"plain","optional":true}},"description_kind":"plain"}},"resource_schemas":{"foreman_architecture":{"version":0,"block":{"attributes":{"__meta__":{"type":"bool","description":"@SUMMARY Foreman representation of an instruction set architecture (ISA).","description_kind":"plain","computed":true},"id":{"type":"string","description_kind":"plain","optional":true,"computed":true},"name":{"type":"string","description":"The name of the architecture. Valid characters: ^[A-Za-z0-9-_.]+$. @EXAMPLE \"i386\"","description_kind":"plain","required":true},"operatingsystem_ids":{"type":["set","number"],"description":"IDs of the operating systems associated with this architecture","description_kind":"plain","optional":true}},"description_kind":"plain"}},"foreman_host":{"version":0,"block":{"attributes":{"__meta__":{"type":"bool","description":"@SUMMARY A host managed by Foreman.","description_kind":"plain","computed":true},"bmc_success":{"type":"bool","description":"Tracks the partial state of BMC operations on host creation. If these operations fail, the host will be created in Foreman and this boolean will remain `false`. On the next `terraform apply` will trigger the host update to pick back up with the BMC operations. @UNEXPORTED","description_kind":"plain","optional":true},"comment":{"type":"string","description":"Add additional information about this host.","description_kind":"plain","optional":true},"domain_id":{"type":"number","description":"ID of the domain to assign to the host.","description_kind":"plain","optional":true,"computed":true},"enable_bmc":{"type":"bool","description":"Enables PMI/BMC functionality. On create and update calls, having this enabled will force a host to poweroff, set next boot to PXE and power on. Defaults to `false`.","description_kind":"plain","optional":true},"environment_id":{"type":"number","description":"ID of the environment to assign to the host.","description_kind":"plain","optional":true},"hostgroup_id":{"type":"number","description":"ID of the hostgroup to assign to the host.","description_kind":"plain","optional":true},"id":{"type":"string","description_kind":"plain","optional":true,"computed":true},"managed":{"type":"bool","description":"Whether or not this host is marked as managed by Foreman.","description_kind":"plain","optional":true},"name":{"type":"string","description":"Host fully qualified domain name. @EXAMPLE \"compute01.dc1.company.com\"","description_kind":"plain","required":true},"operatingsystem_id":{"type":"number","description":"ID of the operating system to put on the host.","description_kind":"plain","optional":true},"retry_count":{"type":"number","description":"Number of times to retry on a failed attempt to register a new host in foreman.","description_kind":"plain","optional":true}},"block_types":{"interfaces_attributes":{"nesting_mode":"set","block":{"attributes":{"id":{"type":"number","description":"Unique identifier for the interface.","description_kind":"plain","computed":true},"identifier":{"type":"string","description":"Identifier of this interface local to the host.","description_kind":"plain","optional":true},"ip":{"type":"string","description":"IP address associated with the interface.","description_kind":"plain","optional":true},"mac":{"type":"string","description":"MAC address associated with the interface.","description_kind":"plain","optional":true},"managed":{"type":"bool","description":"Whether or not this interface is managed by Foreman.","description_kind":"plain","optional":true},"password":{"type":"string","description":"Associated password used for BMC/IPMI functionality.","description_kind":"plain","optional":true,"sensitive":true},"primary":{"type":"bool","description":"Whether or not this is the primary interface.","description_kind":"plain","optional":true},"provider":{"type":"string","description":"Provider used for BMC/IMPI functionality. Values include: `\"IPMI\"`","description_kind":"plain","optional":true},"provision":{"type":"bool","description":"Whether or not this interface is used to provision the host.","description_kind":"plain","optional":true},"subnet_id":{"type":"number","description":"ID of the subnet to associate with this interface.","description_kind":"plain","optional":true},"type":{"type":"string","description":"The type of interface. Values include: `\"interface\"`, `\"bmc\"`, `\"bond\"`, `\"bridge\"`.","description_kind":"plain","optional":true},"username":{"type":"string","description":"Username used for BMC/IPMI functionality.","description_kind":"plain","optional":true},"virtual":{"type":"bool","description":"Whether or not this is a virtual interface.","description_kind":"plain","optional":true}},"description_kind":"plain"}}},"description_kind":"plain"}},"foreman_hostgroup":{"version":0,"block":{"attributes":{"__meta__":{"type":"bool","description":"@SUMMARY Hostgroups are organized in a tree-like structure and inherit values from their parent hostgroup(s). When hosts get associated with a hostgroup, it will inherit attributes from the hostgroup. This allows for easy, shared configuration of various hosts based on common attributes.","description_kind":"plain","computed":true},"architecture_id":{"type":"number","description":"ID of the architecture associated with this hostgroup.","description_kind":"plain","optional":true},"compute_profile_id":{"type":"number","description":"ID of the compute profile associated with this hostgroup.","description_kind":"plain","optional":true},"domain_id":{"type":"number","description":"ID of the domain associated with this hostgroup.","description_kind":"plain","optional":true},"environment_id":{"type":"number","description":"ID of the environment associated with this hostgroup.","description_kind":"plain","optional":true},"id":{"type":"string","description_kind":"plain","optional":true,"computed":true},"medium_id":{"type":"number","description":"ID of the media associated with this hostgroup.","description_kind":"plain","optional":true},"name":{"type":"string","description":"Hostgroup name. @EXAMPLE \"compute\"","description_kind":"plain","required":true},"operatingsystem_id":{"type":"number","description":"ID of the operating system associated with this hostgroup.","description_kind":"plain","optional":true},"parent_id":{"type":"number","description":"ID of the parent hostgroup.","description_kind":"plain","optional":true},"ptable_id":{"type":"number","description":"ID of the partition table associated with this hostgroup.","description_kind":"plain","optional":true},"puppet_ca_proxy_id":{"type":"number","description":"ID of the smart proxy acting as the puppet certificate authority server for this hostgroup.","description_kind":"plain","optional":true},"puppet_proxy_id":{"type":"number","description":"ID of the smart proxy acting as the puppet proxy server for this hostgroup.","description_kind":"plain","optional":true},"realm_id":{"type":"number","description":"ID of the realm associated with this hostgroup.","description_kind":"plain","optional":true},"subnet_id":{"type":"number","description":"ID of the subnet associated with the hostgroup.","description_kind":"plain","optional":true},"title":{"type":"string","description":"The title is the fullname of the hostgroup.  A hostgroup's title is a path-like string from the head of the hostgroup tree down to this hostgroup.  The title will be in the form of: \"\u003cparent 1\u003e/\u003cparent 2\u003e/.../\u003cname\u003e\".","description_kind":"plain","computed":true}},"description_kind":"plain"}},"foreman_media":{"version":0,"block":{"attributes":{"__meta__":{"type":"bool","description":"@SUMMARY Remote installation media.","description_kind":"plain","computed":true},"id":{"type":"string","description_kind":"plain","optional":true,"computed":true},"name":{"type":"string","description":"Name of the media. @EXAMPLE \"CentOS mirror\"","description_kind":"plain","required":true},"operatingsystem_ids":{"type":["set","number"],"description":"IDs of the operating systems associated with this media.","description_kind":"plain","optional":true},"os_family":{"type":"string","description":"Operating system family. Values include: `\"AIX\"`, `\"Altlinux\"`, `\"Archlinux\"`, `\"Coreos\"`, `\"Debian\"`, `\"Freebsd\"`, `\"Gentoo\"`, `\"Junos\"`, `\"NXOS\"`, `\"Redhat\"`, `\"Solaris\"`, `\"Suse\"`, `\"Windows\"`.","description_kind":"plain","optional":true},"path":{"type":"string","description":"The path to the medium, can be a URL or a valid NFS server (exclusive of the architecture).  For example:\n\nhttp://mirror.centos.org/centos/$version/os/$arch\n\nWhere $arch will be substituted for the host's actual OS architecture and $version, $major, $minor will be substituted for the version of the operating system. \n\nSolaris and Debian media may also use $release. @EXAMPLE \"http://mirror.averse.net/centos/$major.$minor/os/$arch\"","description_kind":"plain","required":true}},"description_kind":"plain"}},"foreman_model":{"version":0,"block":{"attributes":{"__meta__":{"type":"bool","description":"@SUMMARY Vendor-specific hardware model.","description_kind":"plain","computed":true},"hardware_model":{"type":"string","description":"Name of the specific hardware model.","description_kind":"plain","optional":true},"id":{"type":"string","description_kind":"plain","optional":true,"computed":true},"info":{"type":"string","description":"Additional information about this hardware model.","description_kind":"plain","optional":true},"name":{"type":"string","description":"The name of the hardware model. @EXAMPLE \"PowerEdge FC630\"","description_kind":"plain","required":true},"vendor_class":{"type":"string","description":"Name or class of the hardware vendor.","description_kind":"plain","optional":true}},"description_kind":"plain"}},"foreman_partitiontable":{"version":0,"block":{"attributes":{"__meta__":{"type":"bool","description":"@SUMMARY The disk partition layout of the host.","description_kind":"plain","computed":true},"audit_comment":{"type":"string","description":"Any audit comments to associate with the partition table. The audit comment field is saved with the template auditing to document the template changes.","description_kind":"plain","optional":true},"host_ids":{"type":["set","number"],"description":"IDs of the hosts associated with this partition table.","description_kind":"plain","optional":true},"hostgroup_ids":{"type":["set","number"],"description":"IDs of the hostgroups associated with this partition table.","description_kind":"plain","optional":true},"id":{"type":"string","description_kind":"plain","optional":true,"computed":true},"layout":{"type":"string","description":"The script that defines the partition table layout. @EXAMPLE \"void\"","description_kind":"plain","required":true},"locked":{"type":"bool","description":"Whether or not this partition table is locked for editing.","description_kind":"plain","optional":true},"name":{"type":"string","description":"The name of the partition table. @EXAMPLE \"AutoYaST LVM\"","description_kind":"plain","required":true},"operatingsystem_ids":{"type":["set","number"],"description":"IDs of the operating system associated with this partition table.","description_kind":"plain","optional":true},"os_family":{"type":"string","description":"Operating system family. Values include: `\"AIX\"`, `\"Altlinux\"`, `\"Archlinux\"`, `\"Coreos\"`, `\"Debian\"`, `\"Freebsd\"`, `\"Gentoo\"`, `\"Junos\"`, `\"NXOS\"`, `\"Redhat\"`, `\"Solaris\"`, `\"Suse\"`, `\"Windows\"`.","description_kind":"plain","optional":true},"snippet":{"type":"bool","description":"Whether or not this partition table is a snippet to be embedded in other partition tables.","description_kind":"plain","optional":true}},"description_kind":"plain"}},"foreman_provisioningtemplate":{"version":0,"block":{"attributes":{"__meta__":{"type":"bool","description":"@SUMMARY Provisioning templates are scripts used to describe how to bootstrap and install the operating system on the host.","description_kind":"plain","computed":true},"audit_comment":{"type":"string","description":"Notes and comments for auditing purposes.","description_kind":"plain","optional":true},"id":{"type":"string","description_kind":"plain","optional":true,"computed":true},"locked":{"type":"bool","description":"Whether or not the template is locked for editing.","description_kind":"plain","optional":true},"name":{"type":"string","description":"Name of the provisioning template. @EXAMPLE \"AutoYaST default\"","description_kind":"plain","required":true},"operatingsystem_ids":{"type":["set","number"],"description":"IDs of the operating systems associated with this provisioning template.","description_kind":"plain","optional":true},"snippet":{"type":"bool","description":"Whether or not the provisioning template is a snippet be used by other templates.","description_kind":"plain","optional":true},"template":{"type":"string","description":"The markup and code of the provisioning template. @EXAMPLE \"void\"","description_kind":"plain","required":true},"template_kind_id":{"type":"number","description":"ID of the template kind which categorizes the provisioning template. Optional for snippets, otherwise required.","description_kind":"plain","optional":true}},"block_types":{"template_combinations_attributes":{"nesting_mode":"set","block":{"attributes":{"environment_id":{"type":"number","description":"The environment ID for this template combination.","description_kind":"plain","optional":true},"hostgroup_id":{"type":"number","description":"The hostgroup ID for this template combination.","description_kind":"plain","optional":true},"id":{"type":"number","description":"Template combination unique identifier.","description_kind":"plain","computed":true}},"description_kind":"plain"}}},"description_kind":"plain"}},"foreman_smartproxy":{"version":0,"block":{"attributes":{"__meta__":{"type":"bool","description":"@SUMMARY Smart proxies provide an API for a higher-level orchestration tool. Foreman supports the following smart proxies: DHCP (ISC DHCP \u0026 MS DHCP servers), DNS (bind \u0026 MS DNS servers), Puppet \u003e= 0.24.x, Puppet CA, Realm (FreeIPA), Templates, TFTP.","description_kind":"plain","computed":true},"id":{"type":"string","description_kind":"plain","optional":true,"computed":true},"name":{"type":"string","description":"The name of the smart proxy. @EXAMPLE \"dns.dc1.company.com\"","description_kind":"plain","required":true},"url":{"type":"string","description":"Uniform resource locator of the proxy. @EXAMPLE \"https://dns.dc1.company.com:8443\"","description_kind":"plain","required":true}},"description_kind":"plain"}}},"data_source_schemas":{"foreman_architecture":{"version":0,"block":{"attributes":{"__meta__":{"type":"bool","description":"@SUMMARY Foreman representation of an instruction set architecture (ISA).","description_kind":"plain","computed":true},"id":{"type":"string","description_kind":"plain","optional":true,"computed":true},"name":{"type":"string","description":"The name of the architecture. @EXAMPLE \"x86_64\"","description_kind":"plain","required":true},"operatingsystem_ids":{"type":["set","number"],"description":"IDs of the operating systems associated with this architecture","description_kind":"plain","computed":true}},"description_kind":"plain"}},"foreman_domain":{"version":0,"block":{"attributes":{"__meta__":{"type":"bool","description":"@SUMMARY Foreman representation of domain. Domains serve as an identification string that defines autonomy, authority, or control for a portion of a network.","description_kind":"plain","computed":true},"fullname":{"type":"string","description":"Description of the domain","description_kind":"plain","computed":true},"id":{"type":"string","description_kind":"plain","optional":true,"computed":true},"name":{"type":"string","description":"The name of the domain - the full DNS domain name. @EXAMPLE \"dev.dc1.company.com\"","description_kind":"plain","required":true}},"description_kind":"plain"}},"foreman_environment":{"version":0,"block":{"attributes":{"__meta__":{"type":"bool","description":"@SUMMARY A puppet environment, branch.","description_kind":"plain","computed":true},"id":{"type":"string","description_kind":"plain","optional":true,"computed":true},"name":{"type":"string","description":"The name of the puppet branch, environment. @EXAMPLE \"production\"","description_kind":"plain","required":true}},"description_kind":"plain"}},"foreman_hostgroup":{"version":0,"block":{"attributes":{"__meta__":{"type":"bool","description":"@SUMMARY Hostgroups are organized in a tree-like structure and inherit values from their parent hostgroup(s). When hosts get associated with a hostgroup, it will inherit attributes from the hostgroup. This allows for easy, shared configuration of various hosts based on common attributes.","description_kind":"plain","computed":true},"architecture_id":{"type":"number","description":"ID of the architecture associated with this hostgroup.","description_kind":"plain","computed":true},"compute_profile_id":{"type":"number","description":"ID of the compute profile associated with this hostgroup.","description_kind":"plain","computed":true},"domain_id":{"type":"number","description":"ID of the domain associated with this hostgroup.","description_kind":"plain","computed":true},"environment_id":{"type":"number","description":"ID of the environment associated with this hostgroup.","description_kind":"plain","computed":true},"id":{"type":"string","description_kind":"plain","optional":true,"computed":true},"medium_id":{"type":"number","description":"ID of the media associated with this hostgroup.","description_kind":"plain","computed":true},"name":{"type":"string","description":"Hostgroup name. @EXAMPLE \"compute\"","description_kind":"plain","computed":true},"operatingsystem_id":{"type":"number","description":"ID of the operating system associated with this hostgroup.","description_kind":"plain","computed":true},"parent_id":{"type":"number","description":"ID of the parent hostgroup.","description_kind":"plain","computed":true},"ptable_id":{"type":"number","description":"ID of the partition table associated with this hostgroup.","description_kind":"plain","computed":true},"puppet_ca_proxy_id":{"type":"number","description":"ID of the smart proxy acting as the puppet certificate authority server for this hostgroup.","description_kind":"plain","computed":true},"puppet_proxy_id":{"type":"number","description":"ID of the smart proxy acting as the puppet proxy server for this hostgroup.","description_kind":"plain","computed":true},"realm_id":{"type":"number","description":"ID of the realm associated with this hostgroup.","description_kind":"plain","computed":true},"subnet_id":{"type":"number","description":"ID of the subnet associated with the hostgroup.","description_kind":"plain","computed":true},"title":{"type":"string","description":"The title is the fullname of the hostgroup.  A hostgroup's title is a path-like string from the head of the hostgroup tree down to this hostgroup.  The title will be in the form of: \"\u003cparent 1\u003e/\u003cparent 2\u003e/.../\u003cname\u003e\". @EXAMPLE \"BO1/VM/DEVP4\"","description_kind":"plain","required":true}},"description_kind":"plain"}},"foreman_media":{"version":0,"block":{"attributes":{"__meta__":{"type":"bool","description":"@SUMMARY Remote installation media.","description_kind":"plain","computed":true},"id":{"type":"string","description_kind":"plain","optional":true,"computed":true},"name":{"type":"string","description":"Name of the media. @EXAMPLE \"Debian mirror\"","description_kind":"plain","required":true},"operatingsystem_ids":{"type":["set","number"],"description":"IDs of the operating systems associated with this media.","description_kind":"plain","computed":true},"os_family":{"type":"string","description":"Operating system family. Values include: `\"AIX\"`, `\"Altlinux\"`, `\"Archlinux\"`, `\"Coreos\"`, `\"Debian\"`, `\"Freebsd\"`, `\"Gentoo\"`, `\"Junos\"`, `\"NXOS\"`, `\"Redhat\"`, `\"Solaris\"`, `\"Suse\"`, `\"Windows\"`.","description_kind":"plain","computed":true},"path":{"type":"string","description":"The path to the medium, can be a URL or a valid NFS server (exclusive of the architecture).  For example:\n\nhttp://mirror.centos.org/centos/$version/os/$arch\n\nWhere $arch will be substituted for the host's actual OS architecture and $version, $major, $minor will be substituted for the version of the operating system. \n\nSolaris and Debian media may also use $release. @EXAMPLE \"http://mirror.averse.net/centos/$major.$minor/os/$arch\"","description_kind":"plain","computed":true}},"description_kind":"plain"}},"foreman_model":{"version":0,"block":{"attributes":{"__meta__":{"type":"bool","description":"@SUMMARY Vendor-specific hardware model.","description_kind":"plain","computed":true},"hardware_model":{"type":"string","description":"Name of the specific hardware model.","description_kind":"plain","computed":true},"id":{"type":"string","description_kind":"plain","optional":true,"computed":true},"info":{"type":"string","description":"Additional information about this hardware model.","description_kind":"plain","computed":true},"name":{"type":"string","description":"The name of the hardware model. @EXAMPLE \"PowerEdge C8220\"","description_kind":"plain","required":true},"vendor_class":{"type":"string","description":"Name or class of the hardware vendor.","description_kind":"plain","computed":true}},"description_kind":"plain"}},"foreman_operatingsystem":{"version":0,"block":{"attributes":{"__meta__":{"type":"bool","description":"@SUMMARY Foreman representation of an operating system.","description_kind":"plain","computed":true},"description":{"type":"string","description":"Additional operating system information.","description_kind":"plain","computed":true},"family":{"type":"string","description":"Operating system family. Values include: `\"AIX\"`, `\"Altlinux\"`, `\"Archlinux\"`, `\"Coreos\"`, `\"Debian\"`, `\"Freebsd\"`, `\"Gentoo\"`, `\"Junos\"`, `\"NXOS\"`, `\"Redhat\"`, `\"Solaris\"`, `\"Suse\"`, `\"Windows\"`.","description_kind":"plain","computed":true},"id":{"type":"string","description_kind":"plain","optional":true,"computed":true},"major":{"type":"string","description":"Major release version. @EXAMPLE \"7\"","description_kind":"plain","computed":true},"minor":{"type":"string","description":"Minor release version. @EXAMPLE \"4\"","description_kind":"plain","computed":true},"name":{"type":"string","description":"Operating system name. @EXAMPLE \"CentOS\"","description_kind":"plain","computed":true},"password_hash":{"type":"string","description":"Root password hash function to use. Valid values include: `\"MD5\"`, `\"SHA256\"`, `\"SHA512\"`, `\"Base64\"`.","description_kind":"plain","computed":true},"release_name":{"type":"string","description":"Code name or release name for the specific operating system version.","description_kind":"plain","computed":true},"title":{"type":"string","description":"Title is a Foreman computed property that combines the operating system's name, major, and minor versioning information into a single string. @EXAMPLE \"CentOS 7.5\"","description_kind":"plain","required":true}},"description_kind":"plain"}},"foreman_partitiontable":{"version":0,"block":{"attributes":{"__meta__":{"type":"bool","description":"@SUMMARY The disk partition layout of the host.","description_kind":"plain","computed":true},"audit_comment":{"type":"string","description":"Any audit comments to associate with the partition table. The audit comment field is saved with the template auditing to document the template changes.","description_kind":"plain","computed":true},"host_ids":{"type":["set","number"],"description":"IDs of the hosts associated with this partition table.","description_kind":"plain","computed":true},"hostgroup_ids":{"type":["set","number"],"description":"IDs of the hostgroups associated with this partition table.","description_kind":"plain","computed":true},"id":{"type":"string","description_kind":"plain","optional":true,"computed":true},"layout":{"type":"string","description":"The script that defines the partition table layout. @EXAMPLE \"void\"","description_kind":"plain","computed":true},"locked":{"type":"bool","description":"Whether or not this partition table is locked for editing.","description_kind":"plain","computed":true},"name":{"type":"string","description":"The name of the partition table. @EXAMPLE \"Wayfair CentOS 7\"","description_kind":"plain","required":true},"operatingsystem_ids":{"type":["set","number"],"description":"IDs of the operating system associated with this partition table.","description_kind":"plain","computed":true},"os_family":{"type":"string","description":"Operating system family. Values include: `\"AIX\"`, `\"Altlinux\"`, `\"Archlinux\"`, `\"Coreos\"`, `\"Debian\"`, `\"Freebsd\"`, `\"Gentoo\"`, `\"Junos\"`, `\"NXOS\"`, `\"Redhat\"`, `\"Solaris\"`, `\"Suse\"`, `\"Windows\"`.","description_kind":"plain","computed":true},"snippet":{"type":"bool","description":"Whether or not this partition table is a snippet to be embedded in other partition tables.","description_kind":"plain","computed":true}},"description_kind":"plain"}},"foreman_provisioningtemplate":{"version":0,"block":{"attributes":{"__meta__":{"type":"bool","description":"@SUMMARY Provisioning templates are scripts used to describe how to bootstrap and install the operating system on the host.","description_kind":"plain","computed":true},"audit_comment":{"type":"string","description":"Notes and comments for auditing purposes.","description_kind":"plain","computed":true},"id":{"type":"string","description_kind":"plain","optional":true,"computed":true},"locked":{"type":"bool","description":"Whether or not the template is locked for editing.","description_kind":"plain","computed":true},"name":{"type":"string","description":"The name of the provisioning template. @EXAMPLE \"ESXi 6.0 Kickstart - BO1\"","description_kind":"plain","required":true},"operatingsystem_ids":{"type":["set","number"],"description":"IDs of the operating systems associated with this provisioning template.","description_kind":"plain","computed":true},"snippet":{"type":"bool","description":"Whether or not the provisioning template is a snippet be used by other templates.","description_kind":"plain","computed":true},"template":{"type":"string","description":"The markup and code of the provisioning template. @EXAMPLE \"void\"","description_kind":"plain","computed":true},"template_combinations_attributes":{"type":["set",["object",{"environment_id":"number","hostgroup_id":"number","id":"number"}]],"description":"How templates are determined:\n\nWhen editing a template, you must assign a list of operating systems which this template can be used with.  Optionally, you can restrict a template to a list of host groups and/or environments.\n\nWhen a host requests a template, Foreman will select the best match from the available templates of that type in the following order:\n\n  1. host group and environment\n  2. host group only\n  3. environment only\n  4. operating system default\n\nTemplate combinations attributes contains an array of hostgroup IDs and environment ID combinations so they can be used in the provisioning template selection described above.","description_kind":"plain","computed":true},"template_kind_id":{"type":"number","description":"ID of the template kind which categorizes the provisioning template. Optional for snippets, otherwise required.","description_kind":"plain","computed":true}},"description_kind":"plain"}},"foreman_smartproxy":{"version":0,"block":{"attributes":{"__meta__":{"type":"bool","description":"@SUMMARY Smart proxies provide an API for a higher-level orchestration tool. Foreman supports the following smart proxies: DHCP (ISC DHCP \u0026 MS DHCP servers), DNS (bind \u0026 MS DNS servers), Puppet \u003e= 0.24.x, Puppet CA, Realm (FreeIPA), Templates, TFTP.","description_kind":"plain","computed":true},"id":{"type":"string","description_kind":"plain","optional":true,"computed":true},"name":{"type":"string","description":"The name of the smart proxy. @EXAMPLE \"dns.dc1.company.com\"","description_kind":"plain","required":true},"url":{"type":"string","description":"Uniform resource locator of the proxy. @EXAMPLE \"https://dns.dc1.company.com:8443\"","description_kind":"plain","computed":true}},"description_kind":"plain"}},"foreman_subnet":{"version":0,"block":{"attributes":{"__meta__":{"type":"bool","description":"@SUMMARY Foreman representation of a subnetwork.","description_kind":"plain","computed":true},"boot_mode":{"type":"string","description":"Default boot mode for instances assigned to this subnet. Values include: `\"Static\"`, `\"DHCP\"`.","description_kind":"plain","computed":true},"dns_primary":{"type":"string","description":"Primary DNS server for this subnet.","description_kind":"plain","computed":true},"dns_secondary":{"type":"string","description":"Secondary DNS sever for this subnet.","description_kind":"plain","computed":true},"from":{"type":"string","description":"Start IP address for IP auto suggestion.","description_kind":"plain","computed":true},"gateway":{"type":"string","description":"Gateway server to use when connecting/communicating to anything not on the same network.","description_kind":"plain","computed":true},"id":{"type":"string","description_kind":"plain","optional":true,"computed":true},"ipam":{"type":"string","description":"IP address auto-suggestion for this subnet. Valid values include: `\"DHCP\"`, `\"Internal DB\"`, `\"None\"`.","description_kind":"plain","computed":true},"mask":{"type":"string","description":"Netmask for this subnet. @EXAMPLE \"255.255.255.0\"","description_kind":"plain","computed":true},"name":{"type":"string","description":"Subnet name. @EXAMPLE \"10.228.247.0 BO1\"","description_kind":"plain","computed":true},"network":{"type":"string","description":"Subnet network. @EXAMPLE \"10.228.247.0\"","description_kind":"plain","required":true},"to":{"type":"string","description":"Ending IP address for IP auto suggestion.","description_kind":"plain","computed":true}},"description_kind":"plain"}},"foreman_templatekind":{"version":0,"block":{"attributes":{"id":{"type":"string","description_kind":"plain","optional":true,"computed":true},"name":{"type":"string","description":"Type of template. @EXAMPLE \"PXELinux\"","description_kind":"plain","required":true}},"description_kind":"plain"}}}}}}
