{"format_version":"0.2","provider_schemas":{"registry.terraform.io/jianyuan/sentry":{"provider":{"version":0,"block":{"attributes":{"base_url":{"type":"string","description":"The Sentry Base API URL","description_kind":"plain","optional":true},"token":{"type":"string","description":"The authentication token used to connect to Sentry","description_kind":"plain","optional":true}},"description_kind":"plain"}},"resource_schemas":{"sentry_key":{"version":0,"block":{"attributes":{"dsn_csp":{"type":"string","description_kind":"plain","computed":true},"dsn_public":{"type":"string","description_kind":"plain","computed":true},"dsn_secret":{"type":"string","description_kind":"plain","computed":true},"id":{"type":"string","description_kind":"plain","optional":true,"computed":true},"is_active":{"type":"bool","description_kind":"plain","computed":true},"name":{"type":"string","description":"The name of the key","description_kind":"plain","required":true},"organization":{"type":"string","description":"The slug of the organization the key should be created for","description_kind":"plain","required":true},"project":{"type":"string","description":"The slug of the project the key should be created for","description_kind":"plain","required":true},"project_id":{"type":"number","description_kind":"plain","computed":true},"public":{"type":"string","description_kind":"plain","computed":true},"rate_limit_count":{"type":"number","description_kind":"plain","optional":true,"computed":true},"rate_limit_window":{"type":"number","description_kind":"plain","optional":true,"computed":true},"secret":{"type":"string","description_kind":"plain","computed":true}},"description_kind":"plain"}},"sentry_organization":{"version":0,"block":{"attributes":{"agree_terms":{"type":"bool","description":"You agree to the applicable terms of service and privacy policy","description_kind":"plain","required":true},"id":{"type":"string","description_kind":"plain","optional":true,"computed":true},"name":{"type":"string","description":"The human readable name for the organization","description_kind":"plain","required":true},"slug":{"type":"string","description":"The unique URL slug for this organization","description_kind":"plain","optional":true,"computed":true}},"description_kind":"plain"}},"sentry_plugin":{"version":0,"block":{"attributes":{"config":{"type":["map","string"],"description":"Plugin config","description_kind":"plain","optional":true},"id":{"type":"string","description_kind":"plain","optional":true,"computed":true},"organization":{"type":"string","description":"The slug of the organization the project belongs to","description_kind":"plain","required":true},"plugin":{"type":"string","description":"Plugin ID","description_kind":"plain","required":true},"project":{"type":"string","description":"The slug of the project to create the plugin for","description_kind":"plain","required":true}},"description_kind":"plain"}},"sentry_project":{"version":0,"block":{"attributes":{"color":{"type":"string","description_kind":"plain","computed":true},"digests_max_delay":{"type":"number","description_kind":"plain","computed":true},"digests_min_delay":{"type":"number","description_kind":"plain","computed":true},"features":{"type":["list","string"],"description_kind":"plain","computed":true},"id":{"type":"string","description_kind":"plain","optional":true,"computed":true},"is_bookmarked":{"type":"bool","description_kind":"plain","deprecated":true,"computed":true},"is_public":{"type":"bool","description_kind":"plain","computed":true},"name":{"type":"string","description":"The name for the project","description_kind":"plain","required":true},"organization":{"type":"string","description":"The slug of the organization the project belongs to","description_kind":"plain","required":true},"platform":{"type":"string","description":"The optional platform for this project","description_kind":"plain","optional":true,"computed":true},"project_id":{"type":"string","description_kind":"plain","computed":true},"resolve_age":{"type":"number","description":"Hours in which an issue is automatically resolve if not seen after this amount of time.","description_kind":"plain","optional":true,"computed":true},"slug":{"type":"string","description":"The optional slug for this project","description_kind":"plain","optional":true,"computed":true},"status":{"type":"string","description_kind":"plain","computed":true},"team":{"type":"string","description":"The slug of the team to create the project for","description_kind":"plain","required":true}},"description_kind":"plain"}},"sentry_rule":{"version":0,"block":{"attributes":{"action_match":{"type":"string","description_kind":"plain","optional":true,"computed":true},"actions":{"type":["list",["map","string"]],"description_kind":"plain","required":true},"conditions":{"type":["list",["map","string"]],"description_kind":"plain","required":true},"environment":{"type":"string","description":"Perform rule in a specific environment","description_kind":"plain","optional":true,"computed":true},"filter_match":{"type":"string","description_kind":"plain","optional":true,"computed":true},"filters":{"type":["list",["map","string"]],"description_kind":"plain","optional":true},"frequency":{"type":"number","description":"Perform actions at most once every X minutes","description_kind":"plain","optional":true,"computed":true},"id":{"type":"string","description_kind":"plain","optional":true,"computed":true},"name":{"type":"string","description":"The rule name","description_kind":"plain","required":true},"organization":{"type":"string","description":"The slug of the organization the project belongs to","description_kind":"plain","required":true},"project":{"type":"string","description":"The slug of the project to create the plugin for","description_kind":"plain","required":true}},"description_kind":"plain"}},"sentry_team":{"version":0,"block":{"attributes":{"has_access":{"type":"bool","description_kind":"plain","computed":true},"id":{"type":"string","description_kind":"plain","optional":true,"computed":true},"is_member":{"type":"bool","description_kind":"plain","computed":true},"is_pending":{"type":"bool","description_kind":"plain","computed":true},"name":{"type":"string","description":"The name of the team","description_kind":"plain","required":true},"organization":{"type":"string","description":"The slug of the organization the team should be created for","description_kind":"plain","required":true},"slug":{"type":"string","description":"The optional slug for this team","description_kind":"plain","optional":true,"computed":true},"team_id":{"type":"string","description_kind":"plain","computed":true}},"description_kind":"plain"}}},"data_source_schemas":{"sentry_key":{"version":0,"block":{"attributes":{"dsn_csp":{"type":"string","description_kind":"plain","computed":true},"dsn_public":{"type":"string","description_kind":"plain","computed":true},"dsn_secret":{"type":"string","description_kind":"plain","computed":true},"first":{"type":"bool","description_kind":"plain","optional":true},"id":{"type":"string","description_kind":"plain","optional":true,"computed":true},"is_active":{"type":"bool","description_kind":"plain","computed":true},"name":{"type":"string","description_kind":"plain","optional":true},"organization":{"type":"string","description_kind":"plain","required":true},"project":{"type":"string","description_kind":"plain","required":true},"project_id":{"type":"number","description_kind":"plain","computed":true},"public":{"type":"string","description_kind":"plain","computed":true},"rate_limit_count":{"type":"number","description_kind":"plain","computed":true},"rate_limit_window":{"type":"number","description_kind":"plain","computed":true},"secret":{"type":"string","description_kind":"plain","computed":true}},"description_kind":"plain"}},"sentry_organization":{"version":0,"block":{"attributes":{"id":{"type":"string","description_kind":"plain","optional":true,"computed":true},"internal_id":{"type":"string","description_kind":"plain","computed":true},"name":{"type":"string","description_kind":"plain","computed":true},"slug":{"type":"string","description_kind":"plain","required":true}},"description_kind":"plain"}}}}}}
