{"format_version":"0.2","provider_schemas":{"registry.terraform.io/jjtroberts/jenkins":{"provider":{"version":0,"block":{"attributes":{"ca_cert":{"type":"string","description":"The path to the Jenkins self-signed certificate.","description_kind":"plain","optional":true},"password":{"type":"string","description":"Password to authenticate to Jenkins.","description_kind":"plain","required":true},"server_url":{"type":"string","description":"The URL of the Jenkins server to connect to.","description_kind":"plain","required":true},"username":{"type":"string","description":"Username to authenticate to Jenkins.","description_kind":"plain","required":true}},"description_kind":"plain"}},"resource_schemas":{"jenkins_credential_string":{"version":0,"block":{"attributes":{"description":{"type":"string","description":"The credentials descriptive text.","description_kind":"plain","optional":true},"domain":{"type":"string","description":"The domain namespace that the credentials will be added to.","description_kind":"plain","optional":true},"folder":{"type":"string","description":"The folder namespace that the credentials will be added to.","description_kind":"plain","optional":true},"id":{"type":"string","description_kind":"plain","optional":true,"computed":true},"name":{"type":"string","description":"The identifier assigned to the credentials.","description_kind":"plain","required":true},"scope":{"type":"string","description":"The Jenkins scope assigned to the credentials.","description_kind":"plain","optional":true},"secret":{"type":"string","description":"The credentials secret text string. If left empty will be unmanaged.","description_kind":"plain","optional":true,"sensitive":true}},"description_kind":"plain"}},"jenkins_credential_username":{"version":0,"block":{"attributes":{"description":{"type":"string","description":"The credentials descriptive text.","description_kind":"plain","optional":true},"domain":{"type":"string","description":"The domain namespace that the credentials will be added to.","description_kind":"plain","optional":true},"folder":{"type":"string","description":"The folder namespace that the credentials will be added to.","description_kind":"plain","optional":true},"id":{"type":"string","description_kind":"plain","optional":true,"computed":true},"name":{"type":"string","description":"The identifier assigned to the credentials.","description_kind":"plain","required":true},"password":{"type":"string","description":"The credentials user password. If left empty will be unmanaged.","description_kind":"plain","optional":true,"sensitive":true},"scope":{"type":"string","description":"The Jenkins scope assigned to the credentials.","description_kind":"plain","optional":true},"username":{"type":"string","description":"The credentials user username.","description_kind":"plain","required":true}},"description_kind":"plain"}},"jenkins_credential_vault_approle":{"version":0,"block":{"attributes":{"description":{"type":"string","description":"The credentials descriptive text.","description_kind":"plain","optional":true},"domain":{"type":"string","description":"The domain namespace that the credentials will be added to.","description_kind":"plain","optional":true},"folder":{"type":"string","description":"The folder namespace that the credentials will be added to.","description_kind":"plain","optional":true},"id":{"type":"string","description_kind":"plain","optional":true,"computed":true},"name":{"type":"string","description":"The identifier assigned to the credentials.","description_kind":"plain","required":true},"path":{"type":"string","description":"Path of the roles approle backend.","description_kind":"plain","optional":true},"role_id":{"type":"string","description":"The roles role_id.","description_kind":"plain","required":true},"scope":{"type":"string","description":"The Jenkins scope assigned to the credentials.","description_kind":"plain","optional":true},"secret_id":{"type":"string","description":"The roles secret_id. If left empty will be unmanaged.","description_kind":"plain","optional":true,"sensitive":true}},"description_kind":"plain"}},"jenkins_folder":{"version":0,"block":{"attributes":{"description":{"type":"string","description":"The description of this folder's purpose.","description_kind":"plain","optional":true},"folder":{"type":"string","description":"The folder namespace that the folder will be added to as a subfolder.","description_kind":"plain","optional":true},"id":{"type":"string","description_kind":"plain","optional":true,"computed":true},"name":{"type":"string","description":"The unique name of the JenkinsCI folder.","description_kind":"plain","required":true},"template":{"type":"string","description":"The configuration file template, used to communicate with Jenkins.","description_kind":"plain","computed":true}},"block_types":{"security":{"nesting_mode":"set","block":{"attributes":{"inheritance_strategy":{"type":"string","description":"The strategy for applying these permissions sets to existing inherited permissions.","description_kind":"plain","optional":true},"permissions":{"type":["list","string"],"description":"The Jenkins permissions sets that provide access to this folder.","description_kind":"plain","required":true}},"description":"The Jenkins project-based security configuration.","description_kind":"plain"}}},"description_kind":"plain"}},"jenkins_job":{"version":0,"block":{"attributes":{"folder":{"type":"string","description":"The folder namespace that the job will be added to.","description_kind":"plain","optional":true},"id":{"type":"string","description_kind":"plain","optional":true,"computed":true},"name":{"type":"string","description":"The unique name of the JenkinsCI job.","description_kind":"plain","required":true},"parameters":{"type":["map","string"],"description":"The set of parameters to be rendered in the template when generating a valid config.xml file.","description_kind":"plain","optional":true},"template":{"type":"string","description":"The configuration file template, used to communicate with Jenkins.","description_kind":"plain","required":true}},"description_kind":"plain"}}},"data_source_schemas":{"jenkins_credential_string":{"version":0,"block":{"attributes":{"description":{"type":"string","description":"The credentials descriptive text.","description_kind":"plain","computed":true},"domain":{"type":"string","description":"The domain namespace that the credentials will be added to.","description_kind":"plain","optional":true},"folder":{"type":"string","description":"The folder namespace that the credentials will be added to.","description_kind":"plain","optional":true},"id":{"type":"string","description_kind":"plain","optional":true,"computed":true},"name":{"type":"string","description":"The identifier assigned to the credentials.","description_kind":"plain","required":true},"scope":{"type":"string","description":"The Jenkins scope assigned to the credentials.","description_kind":"plain","computed":true}},"description_kind":"plain"}},"jenkins_credential_username":{"version":0,"block":{"attributes":{"description":{"type":"string","description":"The credentials descriptive text.","description_kind":"plain","computed":true},"domain":{"type":"string","description":"The domain namespace that the credentials will be added to.","description_kind":"plain","optional":true},"folder":{"type":"string","description":"The folder namespace that the credentials will be added to.","description_kind":"plain","optional":true},"id":{"type":"string","description_kind":"plain","optional":true,"computed":true},"name":{"type":"string","description":"The identifier assigned to the credentials.","description_kind":"plain","required":true},"scope":{"type":"string","description":"The Jenkins scope assigned to the credentials.","description_kind":"plain","computed":true},"username":{"type":"string","description":"The credentials user username.","description_kind":"plain","computed":true}},"description_kind":"plain"}},"jenkins_credential_vault_approle":{"version":0,"block":{"attributes":{"description":{"type":"string","description":"The credentials descriptive text.","description_kind":"plain","computed":true},"domain":{"type":"string","description":"The domain namespace that the credentials will be added to.","description_kind":"plain","optional":true},"folder":{"type":"string","description":"The folder namespace that the credentials will be added to.","description_kind":"plain","optional":true},"id":{"type":"string","description_kind":"plain","optional":true,"computed":true},"name":{"type":"string","description":"The identifier assigned to the credentials.","description_kind":"plain","required":true},"path":{"type":"string","description":"Path of the roles approle backend.","description_kind":"plain","computed":true},"role_id":{"type":"string","description":"The roles role_id.","description_kind":"plain","computed":true},"scope":{"type":"string","description":"The Jenkins scope assigned to the credentials.","description_kind":"plain","computed":true}},"description_kind":"plain"}},"jenkins_folder":{"version":0,"block":{"attributes":{"description":{"type":"string","description":"The description of this folder's purpose.","description_kind":"plain","computed":true},"folder":{"type":"string","description":"The folder namespace that the folder exists in.","description_kind":"plain","optional":true},"id":{"type":"string","description_kind":"plain","optional":true,"computed":true},"name":{"type":"string","description":"The unique name of the JenkinsCI folder.","description_kind":"plain","required":true},"security":{"type":["set",["object",{"inheritance_strategy":"string","permissions":["list","string"]}]],"description":"The Jenkins project-based security configuration.","description_kind":"plain","computed":true},"template":{"type":"string","description":"The configuration file template, used to communicate with Jenkins.","description_kind":"plain","computed":true}},"description_kind":"plain"}},"jenkins_job":{"version":0,"block":{"attributes":{"folder":{"type":"string","description":"The folder namespace that the job exists in.","description_kind":"plain","optional":true},"id":{"type":"string","description_kind":"plain","optional":true,"computed":true},"name":{"type":"string","description":"The unique name of the JenkinsCI job.","description_kind":"plain","required":true},"template":{"type":"string","description":"The configuration file template, used to communicate with Jenkins.","description_kind":"plain","computed":true}},"description_kind":"plain"}}}}}}
