{"format_version":"0.2","provider_schemas":{"registry.terraform.io/jmullen-hive/hiveio":{"provider":{"version":0,"block":{"attributes":{"host":{"type":"string","description":"hostname or ip address of the server.","description_kind":"markdown","optional":true},"insecure":{"type":"bool","description":"Ignore SSL certificate errors. Defaults to `false`.","description_kind":"markdown","optional":true},"password":{"type":"string","description":"The password to use for connection to the server.","description_kind":"markdown","required":true,"sensitive":true},"port":{"type":"number","description":"The port to use to connect to the server. Defaults to 8443","description_kind":"markdown","optional":true},"realm":{"type":"string","description":"The realm to use to connect to the server. Defaults to local","description_kind":"markdown","optional":true,"sensitive":true},"username":{"type":"string","description":"The username to connect to the server. Defaults to admin","description_kind":"markdown","optional":true}},"description_kind":"plain"}},"resource_schemas":{"hiveio_disk":{"version":0,"block":{"attributes":{"filename":{"type":"string","description_kind":"plain","required":true},"format":{"type":"string","description":"File format (qcow2 or raw) Defaults to `qcow2`.","description_kind":"markdown","optional":true},"id":{"type":"string","description_kind":"plain","optional":true,"computed":true},"local_file":{"type":"string","description":"A local file to upload to the storage pool.","description_kind":"markdown","optional":true},"size":{"type":"number","description":"Size of the disk in GB Defaults to `30`.","description_kind":"markdown","optional":true},"src_filename":{"type":"string","description":"The filename of an existing disk to copy.","description_kind":"markdown","optional":true},"src_storage":{"type":"string","description":"The storage pool id of an existing disk to copy.","description_kind":"markdown","optional":true},"src_url":{"type":"string","description":"HTTP url for a disk to copy into the storage pool.","description_kind":"markdown","optional":true},"storage_pool":{"type":"string","description":"The storage id for where to store the disk.","description_kind":"markdown","required":true}},"block_types":{"timeouts":{"nesting_mode":"single","block":{"attributes":{"create":{"type":"string","description_kind":"plain","optional":true}},"description_kind":"plain"}}},"description_kind":"plain"}},"hiveio_external_guest":{"version":0,"block":{"attributes":{"address":{"type":"string","description":"Hostname or ip address","description_kind":"markdown","required":true},"id":{"type":"string","description_kind":"plain","optional":true,"computed":true},"name":{"type":"string","description_kind":"plain","required":true},"os":{"type":"string","description_kind":"plain","optional":true},"realm":{"type":"string","description":"The realm of the user","description_kind":"markdown","required":true},"username":{"type":"string","description":"The user the guest will be assigned to","description_kind":"markdown","required":true}},"block_types":{"timeouts":{"nesting_mode":"single","block":{"attributes":{"delete":{"type":"string","description_kind":"plain","optional":true}},"description_kind":"plain"}}},"description":"This resource can be used to add an external guest for access through the broker.","description_kind":"markdown"}},"hiveio_guest_pool":{"version":0,"block":{"attributes":{"allowed_hosts":{"type":["list","string"],"description_kind":"plain","optional":true},"cloudinit_enabled":{"type":"bool","description":"Defaults to `false`.","description_kind":"markdown","optional":true},"cloudinit_userdata":{"type":"string","description":"Defaults to ``.","description_kind":"markdown","optional":true},"cpu":{"type":"number","description_kind":"plain","optional":true},"density":{"type":["list","number"],"description_kind":"plain","required":true},"gpu":{"type":"bool","description":"Defaults to `false`.","description_kind":"markdown","optional":true},"id":{"type":"string","description_kind":"plain","optional":true,"computed":true},"memory":{"type":"number","description_kind":"plain","optional":true},"name":{"type":"string","description_kind":"plain","required":true},"persistent":{"type":"bool","description":"Defaults to `false`.","description_kind":"markdown","optional":true},"profile":{"type":"string","description_kind":"plain","required":true},"seed":{"type":"string","description_kind":"plain","required":true},"storage_id":{"type":"string","description":"Defaults to `disk`.","description_kind":"markdown","optional":true},"storage_type":{"type":"string","description":"Defaults to `disk`.","description_kind":"markdown","optional":true},"template":{"type":"string","description_kind":"plain","required":true},"wait_for_build":{"type":"bool","description":"Defaults to `false`.","description_kind":"markdown","optional":true}},"block_types":{"backup":{"nesting_mode":"list","block":{"attributes":{"enabled":{"type":"bool","description_kind":"plain","required":true},"frequency":{"type":"string","description_kind":"plain","required":true},"target":{"type":"string","description_kind":"plain","required":true}},"description_kind":"plain"},"max_items":1},"timeouts":{"nesting_mode":"single","block":{"attributes":{"delete":{"type":"string","description_kind":"plain","optional":true}},"description_kind":"plain"}}},"description_kind":"plain"}},"hiveio_host":{"version":0,"block":{"attributes":{"cluster_id":{"type":"string","description_kind":"plain","computed":true},"gateway_only":{"type":"bool","description":"Defaults to `false`.","description_kind":"markdown","optional":true},"hostid":{"type":"string","description_kind":"plain","computed":true},"hostname":{"type":"string","description_kind":"plain","computed":true},"id":{"type":"string","description_kind":"plain","optional":true,"computed":true},"ip_address":{"type":"string","description_kind":"plain","required":true},"password":{"type":"string","description_kind":"plain","required":true,"sensitive":true},"username":{"type":"string","description":"Defaults to `admin`.","description_kind":"markdown","optional":true}},"description_kind":"plain"}},"hiveio_license":{"version":0,"block":{"attributes":{"id":{"type":"string","description_kind":"plain","optional":true,"computed":true},"license":{"type":"string","description_kind":"plain","required":true}},"description":"Add a license for a new cluster","description_kind":"markdown"}},"hiveio_profile":{"version":0,"block":{"attributes":{"id":{"type":"string","description_kind":"plain","optional":true,"computed":true},"name":{"type":"string","description_kind":"plain","required":true},"timezone":{"type":"string","description":"A timezone to inject to guests in the profile. Defaults to `disabled`.","description_kind":"markdown","optional":true}},"block_types":{"ad_config":{"nesting_mode":"list","block":{"attributes":{"domain":{"type":"string","description":"The realm name to use for guests in this profile.","description_kind":"markdown","required":true},"ou":{"type":"string","description":"OU for guests using this profile.","description_kind":"markdown","optional":true},"password":{"type":"string","description":"Password for the service account.","description_kind":"markdown","optional":true,"sensitive":true},"user_group":{"type":"string","description":"AD group for users who can login through the broker.","description_kind":"markdown","required":true},"username":{"type":"string","description":"Username for a service account to override the one in realm.","description_kind":"markdown","optional":true}},"description":"active directory options","description_kind":"markdown"},"max_items":1},"backup":{"nesting_mode":"list","block":{"attributes":{"enabled":{"type":"bool","description_kind":"plain","required":true},"frequency":{"type":"string","description_kind":"plain","required":true},"target":{"type":"string","description_kind":"plain","optional":true}},"description_kind":"plain"},"max_items":1},"broker_options":{"nesting_mode":"list","block":{"attributes":{"allow_desktop_composition":{"type":"bool","description":"Defaults to `true`.","description_kind":"markdown","optional":true},"audio_capture":{"type":"bool","description":"Defaults to `true`.","description_kind":"markdown","optional":true},"credssp":{"type":"bool","description":"Defaults to `true`.","description_kind":"markdown","optional":true},"disable_full_window_drag":{"type":"bool","description":"Defaults to `false`.","description_kind":"markdown","optional":true},"disable_menu_anims":{"type":"bool","description":"Defaults to `false`.","description_kind":"markdown","optional":true},"disable_printer":{"type":"bool","description":"Defaults to `false`.","description_kind":"markdown","optional":true},"disable_themes":{"type":"bool","description":"Defaults to `false`.","description_kind":"markdown","optional":true},"disable_wallpaper":{"type":"bool","description":"Defaults to `false`.","description_kind":"markdown","optional":true},"fail_on_cert_mismatch":{"type":"bool","description":"Defaults to `true`.","description_kind":"markdown","optional":true},"hide_authentication_failure":{"type":"bool","description":"Defaults to `false`.","description_kind":"markdown","optional":true},"html5":{"type":"bool","description":"Defaults to `true`.","description_kind":"markdown","optional":true},"inject_password":{"type":"bool","description":"Defaults to `false`.","description_kind":"markdown","optional":true},"redirect_clipboard":{"type":"bool","description":"Defaults to `true`.","description_kind":"markdown","optional":true},"redirect_disk":{"type":"bool","description":"Defaults to `true`.","description_kind":"markdown","optional":true},"redirect_pnp":{"type":"bool","description":"Defaults to `true`.","description_kind":"markdown","optional":true},"redirect_printer":{"type":"bool","description":"Defaults to `true`.","description_kind":"markdown","optional":true},"redirect_smartcard":{"type":"bool","description":"Defaults to `false`.","description_kind":"markdown","optional":true},"redirect_usb":{"type":"bool","description":"Defaults to `false`.","description_kind":"markdown","optional":true},"smart_resize":{"type":"bool","description":"Defaults to `true`.","description_kind":"markdown","optional":true}},"description_kind":"plain"},"max_items":1},"user_volumes":{"nesting_mode":"list","block":{"attributes":{"backup_schedule":{"type":"number","description_kind":"plain","optional":true},"repository":{"type":"string","description_kind":"plain","required":true},"size":{"type":"number","description_kind":"plain","required":true,"sensitive":true},"target":{"type":"string","description_kind":"plain","optional":true}},"description":"User Volume options.","description_kind":"markdown"},"max_items":1}},"description_kind":"plain"}},"hiveio_realm":{"version":0,"block":{"attributes":{"enabled":{"type":"bool","description_kind":"plain","optional":true},"fqdn":{"type":"string","description":"fully qualified domain nam","description_kind":"markdown","required":true},"id":{"type":"string","description_kind":"plain","optional":true,"computed":true},"name":{"type":"string","description":"netbios name","description_kind":"markdown","required":true},"password":{"type":"string","description":"Service Account password","description_kind":"markdown","optional":true,"sensitive":true},"tags":{"type":["list","string"],"description_kind":"plain","optional":true},"username":{"type":"string","description":"Service Account username","description_kind":"markdown","optional":true},"verified":{"type":"bool","description_kind":"plain","optional":true}},"description_kind":"plain"}},"hiveio_storage_pool":{"version":0,"block":{"attributes":{"id":{"type":"string","description_kind":"plain","optional":true,"computed":true},"key":{"type":"string","description_kind":"plain","optional":true,"sensitive":true},"mount_options":{"type":["list","string"],"description_kind":"plain","optional":true},"name":{"type":"string","description_kind":"plain","required":true},"password":{"type":"string","description_kind":"plain","optional":true,"sensitive":true},"path":{"type":"string","description_kind":"plain","optional":true},"roles":{"type":["list","string"],"description_kind":"plain","required":true},"s3_access_key_id":{"type":"string","description_kind":"plain","optional":true},"s3_region":{"type":"string","description_kind":"plain","optional":true},"s3_secret_access_key":{"type":"string","description_kind":"plain","optional":true,"sensitive":true},"server":{"type":"string","description_kind":"plain","optional":true},"type":{"type":"string","description_kind":"plain","required":true},"url":{"type":"string","description_kind":"plain","optional":true},"username":{"type":"string","description_kind":"plain","optional":true}},"block_types":{"timeouts":{"nesting_mode":"single","block":{"attributes":{"delete":{"type":"string","description_kind":"plain","optional":true}},"description_kind":"plain"}}},"description_kind":"plain"}},"hiveio_template":{"version":0,"block":{"attributes":{"cpu":{"type":"number","description":"Defaults to `2`.","description_kind":"markdown","optional":true},"display_driver":{"type":"string","description":"Defaults to `cirrus`.","description_kind":"markdown","optional":true},"firmware":{"type":"string","description":"Defaults to `uefi`.","description_kind":"markdown","optional":true},"id":{"type":"string","description_kind":"plain","optional":true,"computed":true},"manual_agent_install":{"type":"bool","description":"Defaults to `false`.","description_kind":"markdown","optional":true},"mem":{"type":"number","description":"Defaults to `2048`.","description_kind":"markdown","optional":true},"name":{"type":"string","description_kind":"plain","required":true},"os":{"type":"string","description_kind":"plain","required":true},"state":{"type":"string","description_kind":"plain","computed":true},"state_message":{"type":"string","description_kind":"plain","computed":true}},"block_types":{"disk":{"nesting_mode":"list","block":{"attributes":{"disk_driver":{"type":"string","description":"Defaults to `virtio`.","description_kind":"markdown","optional":true},"filename":{"type":"string","description_kind":"plain","required":true},"format":{"type":"string","description":"Defaults to `qcow2`.","description_kind":"markdown","optional":true},"size":{"type":"string","description_kind":"plain","computed":true},"storage_id":{"type":"string","description_kind":"plain","required":true},"type":{"type":"string","description":"Defaults to `Disk`.","description_kind":"markdown","optional":true}},"description_kind":"plain"}},"interface":{"nesting_mode":"list","block":{"attributes":{"emulation":{"type":"string","description":"Defaults to `virtio`.","description_kind":"markdown","optional":true},"network":{"type":"string","description_kind":"plain","required":true},"vlan":{"type":"number","description_kind":"plain","required":true}},"description_kind":"plain"}},"timeouts":{"nesting_mode":"single","block":{"attributes":{"read":{"type":"string","description_kind":"plain","optional":true}},"description_kind":"plain"}}},"description_kind":"plain"}},"hiveio_user":{"version":0,"block":{"attributes":{"groupname":{"type":"string","description_kind":"plain","optional":true},"id":{"type":"string","description_kind":"plain","optional":true,"computed":true},"realm":{"type":"string","description_kind":"plain","required":true},"role":{"type":"string","description":"readonly or admin","description_kind":"markdown","required":true},"username":{"type":"string","description_kind":"plain","optional":true}},"description":"Add a ldap user or group with admin or readonly access.","description_kind":"markdown"}},"hiveio_virtual_machine":{"version":0,"block":{"attributes":{"allowed_hosts":{"type":["list","string"],"description_kind":"plain","optional":true},"cloudinit_enabled":{"type":"bool","description":"Defaults to `false`.","description_kind":"markdown","optional":true},"cloudinit_networkconfig":{"type":"string","description":"Defaults to ``.","description_kind":"markdown","optional":true},"cloudinit_userdata":{"type":"string","description":"Defaults to ``.","description_kind":"markdown","optional":true},"cpu":{"type":"number","description_kind":"plain","required":true},"display_driver":{"type":"string","description":"Defaults to `cirrus`.","description_kind":"markdown","optional":true},"firmware":{"type":"string","description":"Defaults to `uefi`.","description_kind":"markdown","optional":true},"gpu":{"type":"bool","description":"Defaults to `false`.","description_kind":"markdown","optional":true},"id":{"type":"string","description_kind":"plain","optional":true,"computed":true},"inject_agent":{"type":"bool","description":"Defaults to `true`.","description_kind":"markdown","optional":true},"memory":{"type":"number","description_kind":"plain","required":true},"name":{"type":"string","description_kind":"plain","required":true},"os":{"type":"string","description_kind":"plain","required":true}},"block_types":{"backup":{"nesting_mode":"list","block":{"attributes":{"enabled":{"type":"bool","description_kind":"plain","required":true},"frequency":{"type":"string","description_kind":"plain","required":true},"target":{"type":"string","description_kind":"plain","required":true}},"description_kind":"plain"},"max_items":1},"disk":{"nesting_mode":"list","block":{"attributes":{"disk_driver":{"type":"string","description":"Defaults to `virtio`.","description_kind":"markdown","optional":true},"filename":{"type":"string","description_kind":"plain","required":true},"format":{"type":"string","description":"Defaults to `qcow2`.","description_kind":"markdown","optional":true},"size":{"type":"string","description_kind":"plain","computed":true},"storage_id":{"type":"string","description_kind":"plain","required":true},"type":{"type":"string","description":"Defaults to `Disk`.","description_kind":"markdown","optional":true}},"description_kind":"plain"}},"interface":{"nesting_mode":"list","block":{"attributes":{"emulation":{"type":"string","description":"Defaults to `virtio`.","description_kind":"markdown","optional":true},"network":{"type":"string","description_kind":"plain","required":true},"vlan":{"type":"number","description_kind":"plain","required":true}},"description_kind":"plain"}},"timeouts":{"nesting_mode":"single","block":{"attributes":{"create":{"type":"string","description_kind":"plain","optional":true},"delete":{"type":"string","description_kind":"plain","optional":true}},"description_kind":"plain"}}},"description_kind":"plain"}}},"data_source_schemas":{"hiveio_host":{"version":0,"block":{"attributes":{"cluster_id":{"type":"string","description_kind":"plain","computed":true},"hostid":{"type":"string","description_kind":"plain","computed":true},"hostname":{"type":"string","description_kind":"plain","optional":true},"id":{"type":"string","description_kind":"plain","optional":true,"computed":true},"ip_address":{"type":"string","description_kind":"plain","optional":true},"software_version":{"type":"string","description_kind":"plain","computed":true}},"description":"A data source to retrieve host information by ip or hostname.","description_kind":"markdown"}},"hiveio_profile":{"version":0,"block":{"attributes":{"id":{"type":"string","description_kind":"plain","optional":true},"name":{"type":"string","description_kind":"plain","optional":true},"timezone":{"type":"string","description_kind":"plain","computed":true},"user_volumes":{"type":["list",["object",{"backup_schedule":"number","repository":"string","size":"number","target":"string"}]],"description_kind":"plain","computed":true}},"block_types":{"ad_config":{"nesting_mode":"list","block":{"attributes":{"domain":{"type":"string","description":"The realm name used by guests in this profile.","description_kind":"markdown","required":true},"ou":{"type":"string","description":"OU for guests using this profile.","description_kind":"markdown","optional":true},"user_group":{"type":"string","description":"AD group for users who can login through the broker.","description_kind":"markdown","required":true},"username":{"type":"string","description":"Username for the active directory service account.","description_kind":"markdown","optional":true}},"description":"active directory options","description_kind":"markdown"},"max_items":1},"backup":{"nesting_mode":"list","block":{"attributes":{"enabled":{"type":"bool","description_kind":"plain","required":true},"frequency":{"type":"string","description_kind":"plain","required":true},"target":{"type":"string","description_kind":"plain","optional":true}},"description_kind":"plain"},"max_items":1},"broker_options":{"nesting_mode":"list","block":{"attributes":{"allow_desktop_composition":{"type":"bool","description":"Defaults to `true`.","description_kind":"markdown","optional":true},"audio_capture":{"type":"bool","description":"Defaults to `true`.","description_kind":"markdown","optional":true},"credssp":{"type":"bool","description":"Defaults to `true`.","description_kind":"markdown","optional":true},"disable_full_window_drag":{"type":"bool","description":"Defaults to `false`.","description_kind":"markdown","optional":true},"disable_menu_anims":{"type":"bool","description":"Defaults to `false`.","description_kind":"markdown","optional":true},"disable_printer":{"type":"bool","description":"Defaults to `false`.","description_kind":"markdown","optional":true},"disable_themes":{"type":"bool","description":"Defaults to `false`.","description_kind":"markdown","optional":true},"disable_wallpaper":{"type":"bool","description":"Defaults to `false`.","description_kind":"markdown","optional":true},"fail_on_cert_mismatch":{"type":"bool","description":"Defaults to `true`.","description_kind":"markdown","optional":true},"hide_authentication_failure":{"type":"bool","description":"Defaults to `false`.","description_kind":"markdown","optional":true},"html5":{"type":"bool","description":"Defaults to `true`.","description_kind":"markdown","optional":true},"inject_password":{"type":"bool","description":"Defaults to `false`.","description_kind":"markdown","optional":true},"redirect_clipboard":{"type":"bool","description":"Defaults to `true`.","description_kind":"markdown","optional":true},"redirect_disk":{"type":"bool","description":"Defaults to `true`.","description_kind":"markdown","optional":true},"redirect_pnp":{"type":"bool","description":"Defaults to `true`.","description_kind":"markdown","optional":true},"redirect_printer":{"type":"bool","description":"Defaults to `true`.","description_kind":"markdown","optional":true},"redirect_smartcard":{"type":"bool","description":"Defaults to `false`.","description_kind":"markdown","optional":true},"redirect_usb":{"type":"bool","description":"Defaults to `false`.","description_kind":"markdown","optional":true},"smart_resize":{"type":"bool","description":"Defaults to `true`.","description_kind":"markdown","optional":true}},"description_kind":"plain"},"max_items":1}},"description":"The profile data source can be used to retrieve settings from an existing profile.","description_kind":"markdown"}},"hiveio_storage_pool":{"version":0,"block":{"attributes":{"id":{"type":"string","description_kind":"plain","optional":true},"mount_options":{"type":["list","string"],"description_kind":"plain","optional":true},"name":{"type":"string","description_kind":"plain","optional":true},"path":{"type":"string","description_kind":"plain","computed":true},"roles":{"type":["list","string"],"description_kind":"plain","computed":true},"server":{"type":"string","description_kind":"plain","computed":true},"type":{"type":"string","description_kind":"plain","computed":true},"username":{"type":"string","description_kind":"plain","optional":true}},"description":"The storage pool data source can be used to retrieve settings from an existing storage pool","description_kind":"markdown"}}}}}}
