{"format_version":"0.2","provider_schemas":{"registry.terraform.io/joaquimmmagalhaes/sftpgo":{"provider":{"version":0,"block":{"attributes":{"host":{"type":"string","description_kind":"plain","optional":true},"password":{"type":"string","description_kind":"plain","optional":true,"sensitive":true},"username":{"type":"string","description_kind":"plain","optional":true}},"description_kind":"plain"}},"resource_schemas":{"sftpgo_admin":{"version":0,"block":{"attributes":{"additional_info":{"type":"string","description_kind":"plain","optional":true},"description":{"type":"string","description_kind":"plain","optional":true},"email":{"type":"string","description_kind":"plain","required":true},"id":{"type":"string","description_kind":"plain","optional":true,"computed":true},"password":{"type":"string","description_kind":"plain","required":true,"sensitive":true},"permissions":{"type":["list","string"],"description_kind":"plain","required":true},"status":{"type":"number","description_kind":"plain","required":true},"username":{"type":"string","description_kind":"plain","required":true}},"block_types":{"filters":{"nesting_mode":"list","block":{"attributes":{"allow_list":{"type":["list","string"],"description_kind":"plain","required":true}},"description_kind":"plain"},"max_items":1}},"description_kind":"plain"}},"sftpgo_user":{"version":0,"block":{"attributes":{"additional_info":{"type":"string","description_kind":"plain","optional":true},"description":{"type":"string","description_kind":"plain","optional":true},"download_bandwidth":{"type":"number","description_kind":"plain","optional":true},"expiration_date":{"type":"number","description_kind":"plain","optional":true},"gid":{"type":"number","description_kind":"plain","optional":true},"home_dir":{"type":"string","description_kind":"plain","required":true},"id":{"type":"string","description_kind":"plain","computed":true},"max_sessions":{"type":"number","description_kind":"plain","optional":true},"password":{"type":"string","description_kind":"plain","optional":true,"sensitive":true},"public_keys":{"type":["list","string"],"description_kind":"plain","optional":true},"quota_files":{"type":"number","description_kind":"plain","optional":true},"quota_size":{"type":"number","description_kind":"plain","optional":true},"status":{"type":"number","description_kind":"plain","optional":true},"uid":{"type":"number","description_kind":"plain","optional":true},"upload_bandwidth":{"type":"number","description_kind":"plain","optional":true},"username":{"type":"string","description_kind":"plain","required":true}},"block_types":{"filesystem":{"nesting_mode":"list","block":{"attributes":{"provider":{"type":"number","description_kind":"plain","optional":true}},"block_types":{"gcsconfig":{"nesting_mode":"list","block":{"attributes":{"automatic_credentials":{"type":"number","description_kind":"plain","optional":true},"bucket":{"type":"string","description_kind":"plain","optional":true},"key_prefix":{"type":"string","description_kind":"plain","optional":true},"storage_class":{"type":"string","description_kind":"plain","optional":true}},"block_types":{"credentials":{"nesting_mode":"list","block":{"attributes":{"additional_data":{"type":"string","description_kind":"plain","optional":true},"key":{"type":"string","description_kind":"plain","optional":true},"mode":{"type":"number","description_kind":"plain","optional":true},"payload":{"type":"string","description_kind":"plain","optional":true},"status":{"type":"string","description_kind":"plain","optional":true}},"description_kind":"plain"},"max_items":1}},"description_kind":"plain"},"max_items":1}},"description_kind":"plain"},"max_items":1},"filters":{"nesting_mode":"list","block":{"attributes":{"allowed_ip":{"type":["list","string"],"description_kind":"plain","optional":true},"denied_ip":{"type":["list","string"],"description_kind":"plain","optional":true},"denied_login_methods":{"type":["list","string"],"description_kind":"plain","optional":true},"denied_protocols":{"type":["list","string"],"description_kind":"plain","optional":true}},"block_types":{"file_patterns":{"nesting_mode":"list","block":{"attributes":{"allowed_patterns":{"type":["list","string"],"description_kind":"plain","optional":true},"denied_patterns":{"type":["list","string"],"description_kind":"plain","optional":true},"path":{"type":"string","description_kind":"plain","optional":true}},"description_kind":"plain"}}},"description_kind":"plain"},"max_items":1},"permissions":{"nesting_mode":"set","block":{"attributes":{"global":{"type":["set","string"],"description_kind":"plain","optional":true},"sub_dirs":{"type":["set",["set",["object",{"folder":"string","permission":["set","string"]}]]],"description_kind":"plain","optional":true}},"description_kind":"plain"},"max_items":1},"virtual_folders":{"nesting_mode":"list","block":{"attributes":{"description":{"type":"string","description_kind":"plain","optional":true},"id":{"type":"number","description_kind":"plain","computed":true},"mapped_path":{"type":"string","description_kind":"plain","optional":true},"name":{"type":"string","description_kind":"plain","optional":true},"quota_files":{"type":"number","description_kind":"plain","optional":true},"quota_size":{"type":"number","description_kind":"plain","optional":true},"users":{"type":["list","string"],"description_kind":"plain","optional":true},"virtual_path":{"type":"string","description_kind":"plain","optional":true}},"block_types":{"filesystem":{"nesting_mode":"list","block":{"attributes":{"provider":{"type":"number","description_kind":"plain","optional":true}},"block_types":{"gcsconfig":{"nesting_mode":"list","block":{"attributes":{"automatic_credentials":{"type":"number","description_kind":"plain","optional":true},"bucket":{"type":"string","description_kind":"plain","optional":true},"key_prefix":{"type":"string","description_kind":"plain","optional":true},"storage_class":{"type":"string","description_kind":"plain","optional":true}},"block_types":{"credentials":{"nesting_mode":"list","block":{"attributes":{"additional_data":{"type":"string","description_kind":"plain","optional":true},"key":{"type":"string","description_kind":"plain","optional":true},"mode":{"type":"number","description_kind":"plain","optional":true},"payload":{"type":"string","description_kind":"plain","optional":true},"status":{"type":"string","description_kind":"plain","optional":true}},"description_kind":"plain"},"max_items":1}},"description_kind":"plain"},"max_items":1}},"description_kind":"plain"},"max_items":1}},"description_kind":"plain"}}},"description_kind":"plain"}}}}}}
