{"format_version":"0.2","provider_schemas":{"registry.terraform.io/jonwoodlief/catalog":{"provider":{"version":0,"block":{"attributes":{"bluemix_api_key":{"type":"string","description":"The Bluemix API Key","description_kind":"plain","deprecated":true,"optional":true},"bluemix_timeout":{"type":"number","description":"The timeout (in seconds) to set for any Bluemix API calls made.","description_kind":"plain","deprecated":true,"optional":true},"function_namespace":{"type":"string","description":"The IBM Cloud Function namespace","description_kind":"plain","deprecated":true,"optional":true},"generation":{"type":"number","description":"Generation of Virtual Private Cloud. Default is 2","description_kind":"plain","deprecated":true,"optional":true},"iaas_classic_api_key":{"type":"string","description":"The Classic Infrastructure API Key","description_kind":"plain","optional":true},"iaas_classic_endpoint_url":{"type":"string","description":"The Classic Infrastructure Endpoint","description_kind":"plain","optional":true},"iaas_classic_timeout":{"type":"number","description":"The timeout (in seconds) to set for any Classic Infrastructure API calls made.","description_kind":"plain","optional":true},"iaas_classic_username":{"type":"string","description":"The Classic Infrastructure API user name","description_kind":"plain","optional":true},"iam_refresh_token":{"type":"string","description":"IAM Authentication refresh token","description_kind":"plain","optional":true},"iam_token":{"type":"string","description":"IAM Authentication token","description_kind":"plain","optional":true},"ibmcloud_api_key":{"type":"string","description":"The IBM Cloud API Key","description_kind":"plain","optional":true},"ibmcloud_timeout":{"type":"number","description":"The timeout (in seconds) to set for any IBM Cloud API calls made.","description_kind":"plain","optional":true},"max_retries":{"type":"number","description":"The retry count to set for API calls.","description_kind":"plain","optional":true},"region":{"type":"string","description":"The IBM cloud Region (for example 'us-south').","description_kind":"plain","optional":true},"resource_group":{"type":"string","description":"The Resource group id.","description_kind":"plain","optional":true},"riaas_endpoint":{"type":"string","description":"The next generation infrastructure service endpoint url.","description_kind":"plain","deprecated":true,"optional":true},"softlayer_api_key":{"type":"string","description":"The SoftLayer API Key","description_kind":"plain","deprecated":true,"optional":true},"softlayer_endpoint_url":{"type":"string","description":"The Softlayer Endpoint","description_kind":"plain","deprecated":true,"optional":true},"softlayer_timeout":{"type":"number","description":"The timeout (in seconds) to set for any SoftLayer API calls made.","description_kind":"plain","deprecated":true,"optional":true},"softlayer_username":{"type":"string","description":"The SoftLayer user name","description_kind":"plain","deprecated":true,"optional":true},"visibility":{"type":"string","description":"Visibility of the provider if it is private or public.","description_kind":"plain","optional":true},"zone":{"type":"string","description":"The IBM cloud Region zone (for example 'us-south-1') for power resources.","description_kind":"plain","optional":true}},"description_kind":"plain"}},"resource_schemas":{"ibm_api_gateway_endpoint":{"version":0,"block":{"attributes":{"base_path":{"type":"string","description":" Base path of an endpoint","description_kind":"plain","computed":true},"endpoint_id":{"type":"string","description":"Endpoint ID","description_kind":"plain","computed":true},"id":{"type":"string","description_kind":"plain","optional":true,"computed":true},"managed":{"type":"bool","description":"Managed indicates if endpoint is online or offline.","description_kind":"plain","optional":true},"name":{"type":"string","description":"Endpoint name","description_kind":"plain","required":true},"open_api_doc_name":{"type":"string","description":"Json File path","description_kind":"plain","required":true},"provider_id":{"type":"string","description":" Provider ID of an endpoint allowable values user-defined and whisk","description_kind":"plain","optional":true},"routes":{"type":["list","string"],"description":"Invokable routes for an endpoint","description_kind":"plain","optional":true},"service_instance_crn":{"type":"string","description":"Api Gateway Service Instance Crn","description_kind":"plain","required":true},"shared":{"type":"bool","description":"The Shared status of an endpoint","description_kind":"plain","computed":true},"type":{"type":"string","description":"Action type of Endpoint ALoowable values are share, unshare, manage, unmanage","description_kind":"plain","optional":true}},"description_kind":"plain"}},"ibm_api_gateway_endpoint_subscription":{"version":0,"block":{"attributes":{"artifact_id":{"type":"string","description":"Endpoint ID","description_kind":"plain","required":true},"client_id":{"type":"string","description":"Subscription Id, API key that is used to create subscription","description_kind":"plain","optional":true,"computed":true},"client_secret":{"type":"string","description":"Client Sercret of a Subscription","description_kind":"plain","optional":true,"sensitive":true},"generate_secret":{"type":"bool","description":"Indicates if Client Sercret has to be autogenerated","description_kind":"plain","optional":true},"id":{"type":"string","description_kind":"plain","optional":true,"computed":true},"name":{"type":"string","description":"Subscription name","description_kind":"plain","required":true},"secret_provided":{"type":"bool","description":"Indicates if client secret is provided to subscription or not","description_kind":"plain","computed":true},"type":{"type":"string","description":"Subscription type. Allowable values are external, internal","description_kind":"plain","required":true}},"description_kind":"plain"}},"ibm_app":{"version":0,"block":{"attributes":{"app_path":{"type":"string","description":"Define the  path of the zip file of the application.","description_kind":"plain","required":true},"app_version":{"type":"string","description":"Version of the application","description_kind":"plain","optional":true},"buildpack":{"type":"string","description":"Buildpack to build the app. 3 options: a) Blank means autodetection; b) A Git Url pointing to a buildpack; c) Name of an installed buildpack.","description_kind":"plain","optional":true},"command":{"type":"string","description":"The initial command for the app","description_kind":"plain","optional":true},"disk_quota":{"type":"number","description":"The maximum amount of disk available to an instance of an app. In megabytes.","description_kind":"plain","optional":true,"computed":true},"environment_json":{"type":["map","string"],"description":"Key/value pairs of all the environment variables to run in your app. Does not include any system or service variables.","description_kind":"plain","optional":true},"health_check_http_endpoint":{"type":"string","description":"Endpoint called to determine if the app is healthy.","description_kind":"plain","optional":true},"health_check_timeout":{"type":"number","description":"Timeout in seconds for health checking of an staged app when starting up.","description_kind":"plain","optional":true},"health_check_type":{"type":"string","description":"Type of health check to perform.","description_kind":"plain","optional":true},"id":{"type":"string","description_kind":"plain","optional":true,"computed":true},"instances":{"type":"number","description":"The number of instances","description_kind":"plain","optional":true},"memory":{"type":"number","description":"The amount of memory each instance should have. In megabytes.","description_kind":"plain","optional":true,"computed":true},"name":{"type":"string","description":"The name for the app","description_kind":"plain","required":true},"route_guid":{"type":["set","string"],"description":"Define the route guids which should be bound to the application.","description_kind":"plain","optional":true},"service_instance_guid":{"type":["set","string"],"description":"Define the service instance guids that should be bound to this application.","description_kind":"plain","optional":true},"space_guid":{"type":"string","description":"Define space guid to which app belongs","description_kind":"plain","required":true},"tags":{"type":["set","string"],"description_kind":"plain","optional":true},"wait_time_minutes":{"type":"number","description":"Define timeout to wait for the app instances to start/update/restage etc.","description_kind":"plain","optional":true}},"description_kind":"plain"}},"ibm_app_config_environment":{"version":0,"block":{"attributes":{"color_code":{"type":"string","description":"Color code to distinguish the environment.","description_kind":"plain","optional":true},"created_time":{"type":"string","description":"Creation time of the environment.","description_kind":"plain","computed":true},"description":{"type":"string","description":"Environment description","description_kind":"plain","optional":true},"environment_id":{"type":"string","description":"Environment Id.","description_kind":"plain","required":true},"guid":{"type":"string","description":"GUID of the App Configuration service. Get it from the service instance credentials section of the dashboard.","description_kind":"plain","required":true},"href":{"type":"string","description":"Environment URL.","description_kind":"plain","computed":true},"id":{"type":"string","description_kind":"plain","optional":true,"computed":true},"name":{"type":"string","description":"Environment name.","description_kind":"plain","required":true},"tags":{"type":"string","description":"Tags associated with the environment","description_kind":"plain","optional":true},"updated_time":{"type":"string","description":"Last modified time of the environment data.","description_kind":"plain","computed":true}},"description_kind":"plain"}},"ibm_app_config_feature":{"version":0,"block":{"attributes":{"created_time":{"type":"string","description":"Creation time of the feature flag.","description_kind":"plain","computed":true},"description":{"type":"string","description":"Feature description.","description_kind":"plain","optional":true},"disabled_value":{"type":"string","description":"Value of the feature when it is disabled. The value can be BOOLEAN, STRING or a NUMERIC value as per the `type` attribute.","description_kind":"plain","required":true},"enabled":{"type":"bool","description":"The state of the feature flag.","description_kind":"plain","computed":true},"enabled_value":{"type":"string","description":"Value of the feature when it is enabled. The value can be BOOLEAN, STRING or a NUMERIC value as per the `type` attribute.","description_kind":"plain","required":true},"environment_id":{"type":"string","description":"Environment Id.","description_kind":"plain","required":true},"feature_id":{"type":"string","description":"Feature id.","description_kind":"plain","required":true},"guid":{"type":"string","description":"GUID of the App Configuration service. Get it from the service instance credentials section of the dashboard.","description_kind":"plain","required":true},"href":{"type":"string","description":"Feature flag URL.","description_kind":"plain","computed":true},"id":{"type":"string","description_kind":"plain","optional":true,"computed":true},"name":{"type":"string","description":"Feature name.","description_kind":"plain","required":true},"segment_exists":{"type":"bool","description":"Denotes if the targeting rules are specified for the feature flag.","description_kind":"plain","computed":true},"tags":{"type":"string","description":"Tags associated with the feature.","description_kind":"plain","optional":true},"type":{"type":"string","description":"Type of the feature (BOOLEAN, STRING, NUMERIC).","description_kind":"plain","required":true},"updated_time":{"type":"string","description":"Last modified time of the feature flag data.","description_kind":"plain","computed":true}},"block_types":{"collections":{"nesting_mode":"list","block":{"attributes":{"collection_id":{"type":"string","description":"Collection id.","description_kind":"plain","required":true}},"description":"List of collection id representing the collections that are associated with the specified feature flag.","description_kind":"plain"}},"segment_rules":{"nesting_mode":"list","block":{"attributes":{"order":{"type":"number","description":"Order of the rule, used during evaluation. The evaluation is performed in the order defined and the value associated with the first matching rule is used for evaluation.","description_kind":"plain","required":true},"value":{"type":"string","description":"Value to be used for evaluation for this rule. The value can be Boolean, String or a Numeric value as per the `type` attribute.","description_kind":"plain","required":true}},"block_types":{"rules":{"nesting_mode":"list","block":{"attributes":{"segments":{"type":["list","string"],"description":"List of segment ids that are used for targeting using the rule.","description_kind":"plain","required":true}},"description":"Rules array.","description_kind":"plain"},"min_items":1}},"description":"Specify the targeting rules that is used to set different feature flag values for different segments.","description_kind":"plain"}}},"description_kind":"plain"}},"ibm_app_domain_private":{"version":0,"block":{"attributes":{"id":{"type":"string","description_kind":"plain","optional":true,"computed":true},"name":{"type":"string","description":"The name of the domain","description_kind":"plain","required":true},"org_guid":{"type":"string","description":"The organization that owns the domain.","description_kind":"plain","required":true},"tags":{"type":["set","string"],"description_kind":"plain","optional":true}},"description_kind":"plain"}},"ibm_app_domain_shared":{"version":0,"block":{"attributes":{"id":{"type":"string","description_kind":"plain","optional":true,"computed":true},"name":{"type":"string","description":"The name of the domain","description_kind":"plain","required":true},"router_group_guid":{"type":"string","description":"The guid of the router group.","description_kind":"plain","optional":true},"tags":{"type":["set","string"],"description_kind":"plain","optional":true}},"description_kind":"plain"}},"ibm_app_route":{"version":0,"block":{"attributes":{"domain_guid":{"type":"string","description":"The guid of the associated domain","description_kind":"plain","required":true},"host":{"type":"string","description":"The host portion of the route. Required for shared-domains.","description_kind":"plain","optional":true},"id":{"type":"string","description_kind":"plain","optional":true,"computed":true},"path":{"type":"string","description":"The path for a route as raw text.Paths must be between 2 and 128 characters.Paths must start with a forward slash '/'.Paths must not contain a '?'","description_kind":"plain","optional":true},"port":{"type":"number","description":"The port of the route. Supported for domains of TCP router groups only.","description_kind":"plain","optional":true},"space_guid":{"type":"string","description":"The guid of the associated space","description_kind":"plain","required":true},"tags":{"type":["set","string"],"description_kind":"plain","optional":true}},"description_kind":"plain"}},"ibm_cdn":{"version":0,"block":{"attributes":{"bucket_name":{"type":"string","description":"Bucket name","description_kind":"plain","optional":true},"cache_key_query_rule":{"type":"string","description":"query rule info","description_kind":"plain","optional":true},"certificate_type":{"type":"string","description":"Certificate type","description_kind":"plain","optional":true},"cname":{"type":"string","description":"cname info","description_kind":"plain","optional":true,"computed":true},"file_extension":{"type":"string","description":"File extension info","description_kind":"plain","optional":true},"header":{"type":"string","description":"Header info","description_kind":"plain","optional":true,"computed":true},"host_name":{"type":"string","description":"Host name","description_kind":"plain","required":true},"http_port":{"type":"number","description":"HTTP port number","description_kind":"plain","optional":true},"https_port":{"type":"number","description":"HTTPS port number","description_kind":"plain","optional":true},"id":{"type":"string","description_kind":"plain","optional":true,"computed":true},"origin_address":{"type":"string","description":"origin address info","description_kind":"plain","required":true},"origin_type":{"type":"string","description":"Origin type info","description_kind":"plain","optional":true},"path":{"type":"string","description":"Path details","description_kind":"plain","optional":true},"performance_configuration":{"type":"string","description":"performance configuration info","description_kind":"plain","optional":true},"protocol":{"type":"string","description":"Protocol name","description_kind":"plain","optional":true},"respect_headers":{"type":"bool","description":"respect headers info","description_kind":"plain","optional":true},"status":{"type":"string","description":"Status info of the CDN instance","description_kind":"plain","computed":true},"vendor_name":{"type":"string","description":"Vendor name","description_kind":"plain","optional":true}},"description_kind":"plain"}},"ibm_certificate_manager_import":{"version":0,"block":{"attributes":{"algorithm":{"type":"string","description_kind":"plain","computed":true},"begins_on":{"type":"number","description":"Certificate validity start date","description_kind":"plain","computed":true},"certificate_manager_instance_id":{"type":"string","description":"Instance ID of the certificate manager resource","description_kind":"plain","required":true},"data":{"type":["map","string"],"description":"certificate data","description_kind":"plain","required":true},"description":{"type":"string","description":"Description of the certificate instance","description_kind":"plain","optional":true},"expires_on":{"type":"number","description":"certificate expiry date","description_kind":"plain","computed":true},"has_previous":{"type":"bool","description_kind":"plain","computed":true},"id":{"type":"string","description_kind":"plain","optional":true,"computed":true},"imported":{"type":"bool","description_kind":"plain","computed":true},"issuer":{"type":"string","description":"certificate issuer info","description_kind":"plain","computed":true},"key_algorithm":{"type":"string","description_kind":"plain","computed":true},"name":{"type":"string","description":"Name of the instance","description_kind":"plain","required":true},"status":{"type":"string","description_kind":"plain","computed":true}},"description_kind":"plain"}},"ibm_certificate_manager_order":{"version":0,"block":{"attributes":{"algorithm":{"type":"string","description":"Algorithm info","description_kind":"plain","computed":true},"auto_renew_enabled":{"type":"bool","description_kind":"plain","optional":true},"begins_on":{"type":"number","description":"Cerificate validity from date","description_kind":"plain","computed":true},"certificate_manager_instance_id":{"type":"string","description":"Certificate manager instance ID","description_kind":"plain","required":true},"description":{"type":"string","description":"Certicate description","description_kind":"plain","optional":true},"dns_provider_instance_crn":{"type":"string","description":"DNS provider instance CRN","description_kind":"plain","optional":true},"domain_validation_method":{"type":"string","description":"Domain validation methods","description_kind":"plain","optional":true},"domains":{"type":["list","string"],"description":"List of domain names","description_kind":"plain","required":true},"expires_on":{"type":"number","description":"Certificaet expairy date","description_kind":"plain","computed":true},"has_previous":{"type":"bool","description":"Has Previous","description_kind":"plain","computed":true},"id":{"type":"string","description_kind":"plain","optional":true,"computed":true},"imported":{"type":"bool","description":"set to true if certificate is imported","description_kind":"plain","computed":true},"issuance_info":{"type":["map","string"],"description_kind":"plain","computed":true},"issuer":{"type":"string","description":"Certificate issuer info","description_kind":"plain","computed":true},"key_algorithm":{"type":"string","description":"Keyalgorithm info","description_kind":"plain","optional":true},"name":{"type":"string","description":"Certificate name","description_kind":"plain","required":true},"renew_certificate":{"type":"bool","description":"Invokes renew functionality","description_kind":"plain","optional":true},"rotate_keys":{"type":"bool","description":"Keys are sorated if set to true","description_kind":"plain","optional":true},"status":{"type":"string","description":"Status  of the certificate","description_kind":"plain","computed":true}},"block_types":{"timeouts":{"nesting_mode":"single","block":{"attributes":{"create":{"type":"string","description_kind":"plain","optional":true},"update":{"type":"string","description_kind":"plain","optional":true}},"description_kind":"plain"}}},"description_kind":"plain"}},"ibm_cis":{"version":0,"block":{"attributes":{"guid":{"type":"string","description":"Unique identifier of resource instance","description_kind":"plain","computed":true},"id":{"type":"string","description_kind":"plain","optional":true,"computed":true},"location":{"type":"string","description":"The location where the instance available","description_kind":"plain","required":true},"name":{"type":"string","description":"A name for the resource instance","description_kind":"plain","required":true},"parameters":{"type":["map","string"],"description":"Arbitrary parameters to pass. Must be a JSON object","description_kind":"plain","optional":true},"plan":{"type":"string","description":"The plan type of the service","description_kind":"plain","required":true},"resource_controller_url":{"type":"string","description":"The URL of the IBM Cloud dashboard that can be used to explore and view details about the resource","description_kind":"plain","computed":true},"resource_crn":{"type":"string","description":"The crn of the resource","description_kind":"plain","computed":true},"resource_group_id":{"type":"string","description":"The resource group id","description_kind":"plain","optional":true,"computed":true},"resource_group_name":{"type":"string","description":"The resource group name in which resource is provisioned","description_kind":"plain","computed":true},"resource_name":{"type":"string","description":"The name of the resource","description_kind":"plain","computed":true},"resource_status":{"type":"string","description":"The status of the resource","description_kind":"plain","computed":true},"service":{"type":"string","description":"The name of the Cloud Internet Services offering","description_kind":"plain","computed":true},"status":{"type":"string","description":"Status of resource instance","description_kind":"plain","computed":true},"tags":{"type":["set","string"],"description_kind":"plain","optional":true}},"block_types":{"timeouts":{"nesting_mode":"single","block":{"attributes":{"create":{"type":"string","description_kind":"plain","optional":true},"delete":{"type":"string","description_kind":"plain","optional":true},"update":{"type":"string","description_kind":"plain","optional":true}},"description_kind":"plain"}}},"description_kind":"plain"}},"ibm_cis_cache_settings":{"version":0,"block":{"attributes":{"browser_expiration":{"type":"number","description":"Browser Expiration setting","description_kind":"plain","optional":true,"computed":true},"caching_level":{"type":"string","description":"Cache level setting","description_kind":"plain","optional":true,"computed":true},"cis_id":{"type":"string","description":"CIS instance crn","description_kind":"plain","required":true},"development_mode":{"type":"string","description":"Development mode setting","description_kind":"plain","optional":true,"computed":true},"domain_id":{"type":"string","description":"Associated CIS domain","description_kind":"plain","required":true},"id":{"type":"string","description_kind":"plain","optional":true,"computed":true},"purge_all":{"type":"bool","description":"Purge all setting","description_kind":"plain","optional":true},"purge_by_hosts":{"type":["list","string"],"description":"Purge by hosts","description_kind":"plain","optional":true},"purge_by_tags":{"type":["list","string"],"description":"Purge by tags","description_kind":"plain","optional":true},"purge_by_urls":{"type":["list","string"],"description":"Purge by URLs","description_kind":"plain","optional":true},"query_string_sort":{"type":"string","description":"Query String sort setting","description_kind":"plain","optional":true,"computed":true},"serve_stale_content":{"type":"string","description":"Serve Stale Content ","description_kind":"plain","optional":true}},"description_kind":"plain"}},"ibm_cis_certificate_order":{"version":0,"block":{"attributes":{"certificate_id":{"type":"string","description":"certificate id","description_kind":"plain","computed":true},"cis_id":{"type":"string","description":"CIS object id or CRN","description_kind":"plain","required":true},"domain_id":{"type":"string","description":"Associated CIS domain","description_kind":"plain","required":true},"hosts":{"type":["list","string"],"description":"Hosts which certificate need to be ordered","description_kind":"plain","required":true},"id":{"type":"string","description_kind":"plain","optional":true,"computed":true},"status":{"type":"string","description":"certificate status","description_kind":"plain","computed":true},"type":{"type":"string","description":"certificate type","description_kind":"plain","optional":true}},"description_kind":"plain"}},"ibm_cis_certificate_upload":{"version":0,"block":{"attributes":{"bundle_method":{"type":"string","description":"Certificate bundle method","description_kind":"plain","optional":true},"certificate":{"type":"string","description":"Certificate key","description_kind":"plain","required":true,"sensitive":true},"cis_id":{"type":"string","description":"CIS instance crn","description_kind":"plain","required":true},"custom_cert_id":{"type":"string","description_kind":"plain","computed":true},"domain_id":{"type":"string","description":"Associated CIS domain","description_kind":"plain","required":true},"expires_on":{"type":"string","description":"certificate expires date","description_kind":"plain","computed":true},"hosts":{"type":["list","string"],"description":"hosts which the certificate uploaded to","description_kind":"plain","computed":true},"id":{"type":"string","description_kind":"plain","optional":true,"computed":true},"issuer":{"type":"string","description":"certificate issuer","description_kind":"plain","computed":true},"modified_on":{"type":"string","description":"certificate modified date","description_kind":"plain","computed":true},"priority":{"type":"number","description":"Certificate priority","description_kind":"plain","optional":true,"computed":true},"private_key":{"type":"string","description":"Certificate private key","description_kind":"plain","required":true,"sensitive":true},"signature":{"type":"string","description":"certificate signature","description_kind":"plain","computed":true},"status":{"type":"string","description":"certificate status","description_kind":"plain","computed":true},"uploaded_on":{"type":"string","description":"certificate uploaded date","description_kind":"plain","computed":true}},"description_kind":"plain"}},"ibm_cis_custom_page":{"version":0,"block":{"attributes":{"cis_id":{"type":"string","description":"CIS instance crn","description_kind":"plain","required":true},"created_on":{"type":"string","description":"Custom page created date","description_kind":"plain","computed":true},"description":{"type":"string","description":"Free text","description_kind":"plain","computed":true},"domain_id":{"type":"string","description":"Associated CIS domain","description_kind":"plain","required":true},"id":{"type":"string","description_kind":"plain","optional":true,"computed":true},"modified_on":{"type":"string","description":"Custom page modified date","description_kind":"plain","computed":true},"page_id":{"type":"string","description":"Custom page identifier","description_kind":"plain","required":true},"preview_target":{"type":"string","description":"Custom page preview target","description_kind":"plain","computed":true},"required_tokens":{"type":["list","string"],"description":"Custom page state","description_kind":"plain","computed":true},"state":{"type":"string","description":"Custom page state","description_kind":"plain","computed":true},"url":{"type":"string","description":"Custom page url","description_kind":"plain","required":true}},"description_kind":"plain"}},"ibm_cis_dns_record":{"version":0,"block":{"attributes":{"cis_id":{"type":"string","description":"CIS object id or CRN","description_kind":"plain","required":true},"content":{"type":"string","description":"DNS record content","description_kind":"plain","optional":true},"created_on":{"type":"string","description_kind":"plain","computed":true},"data":{"type":["map","string"],"description_kind":"plain","optional":true},"domain_id":{"type":"string","description":"Associated CIS domain","description_kind":"plain","required":true},"id":{"type":"string","description_kind":"plain","optional":true,"computed":true},"modified_on":{"type":"string","description_kind":"plain","computed":true},"name":{"type":"string","description":"DNS record name","description_kind":"plain","optional":true},"priority":{"type":"number","description":"Priority Value","description_kind":"plain","optional":true},"proxiable":{"type":"bool","description_kind":"plain","computed":true},"proxied":{"type":"bool","description":"Boolean value true if proxied else flase","description_kind":"plain","optional":true},"record_id":{"type":"string","description_kind":"plain","computed":true},"ttl":{"type":"number","description":"TTL value","description_kind":"plain","optional":true},"type":{"type":"string","description":"Record type","description_kind":"plain","required":true},"zone_name":{"type":"string","description":"zone name","description_kind":"plain","computed":true}},"description_kind":"plain"}},"ibm_cis_dns_records_import":{"version":0,"block":{"attributes":{"cis_id":{"type":"string","description":"CIS instance crn","description_kind":"plain","required":true},"domain_id":{"type":"string","description":"Associated CIS domain","description_kind":"plain","required":true},"file":{"type":"string","description":"File to import","description_kind":"plain","required":true},"id":{"type":"string","description_kind":"plain","optional":true,"computed":true},"records_added":{"type":"number","description":"added records count","description_kind":"plain","computed":true},"total_records_parsed":{"type":"number","description":"total records parsed","description_kind":"plain","computed":true}},"description_kind":"plain"}},"ibm_cis_domain":{"version":0,"block":{"attributes":{"cis_id":{"type":"string","description":"CIS object id","description_kind":"plain","required":true},"domain":{"type":"string","description":"CISzone - Domain","description_kind":"plain","required":true},"domain_id":{"type":"string","description_kind":"plain","computed":true},"id":{"type":"string","description_kind":"plain","optional":true,"computed":true},"name_servers":{"type":["list","string"],"description_kind":"plain","computed":true},"original_name_servers":{"type":["list","string"],"description_kind":"plain","computed":true},"paused":{"type":"bool","description_kind":"plain","computed":true},"status":{"type":"string","description_kind":"plain","computed":true}},"description_kind":"plain"}},"ibm_cis_domain_settings":{"version":0,"block":{"attributes":{"always_use_https":{"type":"string","description":"always_use_https setting","description_kind":"plain","optional":true,"computed":true},"automatic_https_rewrites":{"type":"string","description":"automatic_https_rewrites setting","description_kind":"plain","optional":true,"computed":true},"brotli":{"type":"string","description":"brotli setting","description_kind":"plain","optional":true,"computed":true},"browser_check":{"type":"string","description":"browser_check setting","description_kind":"plain","optional":true,"computed":true},"certificate_status":{"type":"string","description":"Certificate status","description_kind":"plain","deprecated":true,"computed":true},"challenge_ttl":{"type":"number","description":"Challenge TTL setting","description_kind":"plain","optional":true,"computed":true},"cipher":{"type":["set","string"],"description":"Cipher settings","description_kind":"plain","optional":true,"computed":true},"cis_id":{"type":"string","description":"CIS instance crn","description_kind":"plain","required":true},"cname_flattening":{"type":"string","description":"cname_flattening setting","description_kind":"plain","optional":true,"computed":true},"dnssec":{"type":"string","description":"DNS Sec setting","description_kind":"plain","optional":true,"computed":true},"domain_id":{"type":"string","description":"Associated CIS domain","description_kind":"plain","required":true},"hotlink_protection":{"type":"string","description":"hotlink_protection setting","description_kind":"plain","optional":true,"computed":true},"http2":{"type":"string","description":"http2 setting","description_kind":"plain","optional":true,"computed":true},"id":{"type":"string","description_kind":"plain","optional":true,"computed":true},"image_load_optimization":{"type":"string","description":"image_load_optimization setting","description_kind":"plain","optional":true,"computed":true},"image_size_optimization":{"type":"string","description":"image_size_optimization setting","description_kind":"plain","optional":true,"computed":true},"ip_geolocation":{"type":"string","description":"ip_geolocation setting","description_kind":"plain","optional":true,"computed":true},"ipv6":{"type":"string","description":"ipv6 setting","description_kind":"plain","optional":true,"computed":true},"max_upload":{"type":"number","description":"Maximum upload","description_kind":"plain","optional":true,"computed":true},"min_tls_version":{"type":"string","description":"Minimum version of TLS required","description_kind":"plain","optional":true},"opportunistic_encryption":{"type":"string","description":"opportunistic_encryption setting","description_kind":"plain","optional":true,"computed":true},"origin_error_page_pass_thru":{"type":"string","description":"origin_error_page_pass_thru setting","description_kind":"plain","optional":true,"computed":true},"prefetch_preload":{"type":"string","description":"prefetch_preload setting","description_kind":"plain","optional":true,"computed":true},"pseudo_ipv4":{"type":"string","description":"pseudo_ipv4 setting","description_kind":"plain","optional":true,"computed":true},"response_buffering":{"type":"string","description":"response_buffering setting","description_kind":"plain","optional":true,"computed":true},"script_load_optimization":{"type":"string","description":"script_load_optimization setting","description_kind":"plain","optional":true,"computed":true},"server_side_exclude":{"type":"string","description":"server_side_exclude setting","description_kind":"plain","optional":true,"computed":true},"ssl":{"type":"string","description":"SSL/TLS setting","description_kind":"plain","optional":true,"computed":true},"tls_client_auth":{"type":"string","description":"tls_client_auth setting","description_kind":"plain","optional":true,"computed":true},"true_client_ip_header":{"type":"string","description":"true_client_ip_header setting","description_kind":"plain","optional":true,"computed":true},"waf":{"type":"string","description":"WAF setting","description_kind":"plain","optional":true,"computed":true},"websockets":{"type":"string","description":"websockets setting","description_kind":"plain","optional":true,"computed":true}},"block_types":{"minify":{"nesting_mode":"list","block":{"attributes":{"css":{"type":"string","description":"Minify CSS setting","description_kind":"plain","required":true},"html":{"type":"string","description":"Minify HTML setting","description_kind":"plain","required":true},"js":{"type":"string","description":"Minify JS setting","description_kind":"plain","required":true}},"description":"Minify setting","description_kind":"plain"},"max_items":1},"mobile_redirect":{"nesting_mode":"list","block":{"attributes":{"mobile_subdomain":{"type":"string","description":"Mobile redirect subdomain","description_kind":"plain","optional":true,"computed":true},"status":{"type":"string","description":"mobile redirect status","description_kind":"plain","required":true},"strip_uri":{"type":"bool","description":"mobile redirect strip URI","description_kind":"plain","optional":true,"computed":true}},"description_kind":"plain"},"max_items":1},"security_header":{"nesting_mode":"list","block":{"attributes":{"enabled":{"type":"bool","description":"security header enabled/disabled","description_kind":"plain","required":true},"include_subdomains":{"type":"bool","description":"security header subdomain included or not","description_kind":"plain","required":true},"max_age":{"type":"number","description":"security header max age","description_kind":"plain","required":true},"nosniff":{"type":"bool","description":"security header no sniff","description_kind":"plain","required":true}},"description":"Security Header Setting","description_kind":"plain"},"max_items":1}},"description_kind":"plain"}},"ibm_cis_edge_functions_action":{"version":0,"block":{"attributes":{"action_name":{"type":"string","description":"Edge function action script name","description_kind":"plain","required":true},"cis_id":{"type":"string","description":"CIS Intance CRN","description_kind":"plain","required":true},"domain_id":{"type":"string","description":"CIS Domain ID","description_kind":"plain","required":true},"id":{"type":"string","description_kind":"plain","optional":true,"computed":true},"script":{"type":"string","description":"Edge function action script","description_kind":"plain","required":true}},"description_kind":"plain"}},"ibm_cis_edge_functions_trigger":{"version":0,"block":{"attributes":{"action_name":{"type":"string","description":"Edge function trigger action name","description_kind":"plain","optional":true},"cis_id":{"type":"string","description":"CIS Intance CRN","description_kind":"plain","required":true},"domain_id":{"type":"string","description":"CIS Domain ID","description_kind":"plain","required":true},"id":{"type":"string","description_kind":"plain","optional":true,"computed":true},"pattern_url":{"type":"string","description":"Edge function trigger pattern","description_kind":"plain","required":true},"request_limit_fail_open":{"type":"bool","description":"Edge function trigger request limit fail open","description_kind":"plain","computed":true},"trigger_id":{"type":"string","description":"CIS Edge Functions trigger route ID","description_kind":"plain","computed":true}},"description_kind":"plain"}},"ibm_cis_firewall":{"version":0,"block":{"attributes":{"cis_id":{"type":"string","description":"CIS object id","description_kind":"plain","required":true},"domain_id":{"type":"string","description":"Associated CIS domain","description_kind":"plain","required":true},"firewall_type":{"type":"string","description":"Type of firewall.Allowable values are access-rules,ua-rules,lockdowns","description_kind":"plain","required":true},"id":{"type":"string","description_kind":"plain","optional":true,"computed":true}},"block_types":{"access_rule":{"nesting_mode":"list","block":{"attributes":{"access_rule_id":{"type":"string","description":"access rule firewall identifier","description_kind":"plain","computed":true},"mode":{"type":"string","description":"Access rule mode","description_kind":"plain","required":true},"notes":{"type":"string","description":"description","description_kind":"plain","optional":true}},"block_types":{"configuration":{"nesting_mode":"list","block":{"attributes":{"target":{"type":"string","description":"Target type","description_kind":"plain","required":true},"value":{"type":"string","description":"Target value","description_kind":"plain","required":true}},"description_kind":"plain"},"min_items":1,"max_items":1}},"description":"Access Rule Data","description_kind":"plain"},"max_items":1},"lockdown":{"nesting_mode":"list","block":{"attributes":{"description":{"type":"string","description":"description","description_kind":"plain","optional":true},"lockdown_id":{"type":"string","description":"firewall identifier","description_kind":"plain","computed":true},"paused":{"type":"bool","description":"Firewall rule paused or enabled","description_kind":"plain","optional":true},"priority":{"type":"number","description":"Firewall priority","description_kind":"plain","optional":true},"urls":{"type":["list","string"],"description":"URL in which firewall rule is applied","description_kind":"plain","required":true}},"block_types":{"configurations":{"nesting_mode":"list","block":{"attributes":{"target":{"type":"string","description":"Target type","description_kind":"plain","required":true},"value":{"type":"string","description":"Target value","description_kind":"plain","required":true}},"description_kind":"plain"},"min_items":1}},"description":"Lockdown Data","description_kind":"plain"},"max_items":1},"ua_rule":{"nesting_mode":"list","block":{"attributes":{"description":{"type":"string","description":"description","description_kind":"plain","optional":true},"mode":{"type":"string","description":"user agent rule mode","description_kind":"plain","required":true},"paused":{"type":"bool","description":"Rule whether paused or not","description_kind":"plain","optional":true},"ua_rule_id":{"type":"string","description":"User Agent firewall identifier","description_kind":"plain","computed":true}},"block_types":{"configuration":{"nesting_mode":"list","block":{"attributes":{"target":{"type":"string","description":"Target type","description_kind":"plain","required":true},"value":{"type":"string","description":"Target value","description_kind":"plain","required":true}},"description_kind":"plain"},"min_items":1,"max_items":1}},"description":"User Agent Rule Data","description_kind":"plain"},"max_items":1}},"description_kind":"plain"}},"ibm_cis_global_load_balancer":{"version":0,"block":{"attributes":{"cis_id":{"type":"string","description":"CIS instance crn","description_kind":"plain","required":true},"created_on":{"type":"string","description":"Load balancer creation date","description_kind":"plain","computed":true},"default_pool_ids":{"type":["set","string"],"description":"List of default Pool IDs","description_kind":"plain","required":true},"description":{"type":"string","description":"Description for the load balancer instance","description_kind":"plain","optional":true},"domain_id":{"type":"string","description":"Associated CIS domain","description_kind":"plain","required":true},"enabled":{"type":"bool","description":"set to true of LB needs to enabled","description_kind":"plain","optional":true},"fallback_pool_id":{"type":"string","description":"fallback pool ID","description_kind":"plain","required":true},"glb_id":{"type":"string","description":"global load balancer id","description_kind":"plain","computed":true},"id":{"type":"string","description_kind":"plain","optional":true,"computed":true},"modified_on":{"type":"string","description":"Load balancer modified date","description_kind":"plain","computed":true},"name":{"type":"string","description":"name","description_kind":"plain","required":true},"proxied":{"type":"bool","description":"set to true if proxy needs to be enabled","description_kind":"plain","optional":true},"session_affinity":{"type":"string","description":"Session affinity info","description_kind":"plain","optional":true},"ttl":{"type":"number","description":"TTL value","description_kind":"plain","optional":true}},"block_types":{"pop_pools":{"nesting_mode":"set","block":{"attributes":{"pool_ids":{"type":["list","string"],"description_kind":"plain","required":true},"pop":{"type":"string","description":"pop pools region","description_kind":"plain","required":true}},"description_kind":"plain"}},"region_pools":{"nesting_mode":"set","block":{"attributes":{"pool_ids":{"type":["list","string"],"description_kind":"plain","required":true},"region":{"type":"string","description_kind":"plain","required":true}},"description_kind":"plain"}}},"description_kind":"plain"}},"ibm_cis_healthcheck":{"version":0,"block":{"attributes":{"allow_insecure":{"type":"bool","description":"allow_insecure","description_kind":"plain","optional":true},"cis_id":{"type":"string","description":"CIS instance crn","description_kind":"plain","required":true},"create_on":{"type":"string","description_kind":"plain","computed":true},"description":{"type":"string","description":"description","description_kind":"plain","optional":true},"expected_body":{"type":"string","description":"expected_body","description_kind":"plain","optional":true},"expected_codes":{"type":"string","description":"expected_codes","description_kind":"plain","optional":true},"follow_redirects":{"type":"bool","description":"follow_redirects","description_kind":"plain","optional":true},"id":{"type":"string","description_kind":"plain","optional":true,"computed":true},"interval":{"type":"number","description":"interval","description_kind":"plain","optional":true},"method":{"type":"string","description":"method","description_kind":"plain","optional":true},"modified_on":{"type":"string","description_kind":"plain","computed":true},"monitor_id":{"type":"string","description":"GLB Monitor/Health check id","description_kind":"plain","computed":true},"path":{"type":"string","description":"path","description_kind":"plain","optional":true},"port":{"type":"number","description":"port number","description_kind":"plain","optional":true,"computed":true},"retries":{"type":"number","description":"retries","description_kind":"plain","optional":true},"timeout":{"type":"number","description":"timeout","description_kind":"plain","optional":true},"type":{"type":"string","description":"type","description_kind":"plain","optional":true}},"block_types":{"headers":{"nesting_mode":"set","block":{"attributes":{"header":{"type":"string","description_kind":"plain","required":true},"values":{"type":["set","string"],"description_kind":"plain","required":true}},"description_kind":"plain"}}},"description_kind":"plain"}},"ibm_cis_origin_pool":{"version":0,"block":{"attributes":{"check_regions":{"type":["set","string"],"description":"List of regions","description_kind":"plain","required":true},"cis_id":{"type":"string","description":"CIS instance crn","description_kind":"plain","required":true},"created_on":{"type":"string","description":"Creation date info","description_kind":"plain","computed":true},"description":{"type":"string","description":"Description of the CIS Origin Pool","description_kind":"plain","optional":true},"enabled":{"type":"bool","description":"Boolean value set to true if cis origin pool needs to be enabled","description_kind":"plain","required":true},"health":{"type":"string","description":"Health info","description_kind":"plain","computed":true},"healthy":{"type":"bool","description":"Health status","description_kind":"plain","computed":true},"id":{"type":"string","description_kind":"plain","optional":true,"computed":true},"minimum_origins":{"type":"number","description":"Minimum number of Origins","description_kind":"plain","optional":true},"modified_on":{"type":"string","description":"Modified date info","description_kind":"plain","computed":true},"monitor":{"type":"string","description":"Monitor value","description_kind":"plain","optional":true},"name":{"type":"string","description":"name","description_kind":"plain","required":true},"notification_email":{"type":"string","description":"Email address configured to recieve the notifications","description_kind":"plain","optional":true},"pool_id":{"type":"string","description_kind":"plain","computed":true}},"block_types":{"origins":{"nesting_mode":"set","block":{"attributes":{"address":{"type":"string","description_kind":"plain","required":true},"disabled_at":{"type":"string","description_kind":"plain","computed":true},"enabled":{"type":"bool","description_kind":"plain","required":true},"failure_reason":{"type":"string","description_kind":"plain","computed":true},"healthy":{"type":"bool","description_kind":"plain","computed":true},"name":{"type":"string","description_kind":"plain","required":true},"weight":{"type":"number","description_kind":"plain","optional":true}},"description":"Origins info","description_kind":"plain"},"min_items":1}},"description_kind":"plain"}},"ibm_cis_page_rule":{"version":0,"block":{"attributes":{"cis_id":{"type":"string","description":"CIS instance crn","description_kind":"plain","required":true},"domain_id":{"type":"string","description":"Associated CIS domain","description_kind":"plain","required":true},"id":{"type":"string","description_kind":"plain","optional":true,"computed":true},"priority":{"type":"number","description":"Page rule priority","description_kind":"plain","optional":true},"rule_id":{"type":"string","description_kind":"plain","computed":true},"status":{"type":"string","description":"Page Rule status","description_kind":"plain","optional":true}},"block_types":{"actions":{"nesting_mode":"set","block":{"attributes":{"id":{"type":"string","description":"Page rule target url","description_kind":"plain","required":true},"status_code":{"type":"number","description":"Page rule actions status code","description_kind":"plain","optional":true},"url":{"type":"string","description":"Page rule actions value url","description_kind":"plain","optional":true},"value":{"type":"string","description":"Page rule target url","description_kind":"plain","optional":true}},"description":"Page rule actions","description_kind":"plain"},"min_items":1},"targets":{"nesting_mode":"set","block":{"attributes":{"target":{"type":"string","description":"Page rule target url","description_kind":"plain","required":true}},"block_types":{"constraint":{"nesting_mode":"list","block":{"attributes":{"operator":{"type":"string","description":"Constraint operator","description_kind":"plain","required":true},"value":{"type":"string","description":"Constraint value","description_kind":"plain","required":true}},"description":"Page rule constraint","description_kind":"plain"},"min_items":1,"max_items":1}},"description":"Page rule targets","description_kind":"plain"},"min_items":1}},"description_kind":"plain"}},"ibm_cis_range_app":{"version":0,"block":{"attributes":{"app_id":{"type":"string","description":"Application identifier","description_kind":"plain","computed":true},"cis_id":{"type":"string","description":"CIS Intance CRN","description_kind":"plain","required":true},"created_on":{"type":"string","description":"created on date","description_kind":"plain","computed":true},"dns":{"type":"string","description":"Name of the DNS record for this application","description_kind":"plain","required":true},"dns_type":{"type":"string","description":"Type of the DNS record for this application","description_kind":"plain","required":true},"domain_id":{"type":"string","description":"CIS Domain ID","description_kind":"plain","required":true},"edge_ips_connectivity":{"type":"string","description":"Specifies the IP version.","description_kind":"plain","optional":true},"edge_ips_type":{"type":"string","description":"The type of edge IP configuration.","description_kind":"plain","optional":true},"id":{"type":"string","description_kind":"plain","optional":true,"computed":true},"ip_firewall":{"type":"bool","description":"Enables the IP Firewall for this application. Only available for TCP applications.","description_kind":"plain","optional":true},"modified_on":{"type":"string","description":"modified on date","description_kind":"plain","computed":true},"origin_direct":{"type":["list","string"],"description":"IP address and port of the origin for this Range application.","description_kind":"plain","optional":true},"origin_dns":{"type":"string","description":"DNS record pointing to the origin for this Range application.","description_kind":"plain","optional":true},"origin_port":{"type":"number","description":"Port at the origin that listens to traffic","description_kind":"plain","optional":true},"protocol":{"type":"string","description":"Defines the protocol and port for this application","description_kind":"plain","required":true},"proxy_protocol":{"type":"string","description":"Allows for the true client IP to be passed to the service.","description_kind":"plain","optional":true},"tls":{"type":"string","description":"Configure if and how TLS connections are terminated at the edge.","description_kind":"plain","optional":true},"traffic_type":{"type":"string","description":"Configure how traffic is handled at the edge.","description_kind":"plain","optional":true}},"description_kind":"plain"}},"ibm_cis_rate_limit":{"version":0,"block":{"attributes":{"cis_id":{"type":"string","description":"CIS Intance CRN","description_kind":"plain","required":true},"description":{"type":"string","description":"A note that you can use to describe the reason for a rate limiting rule.","description_kind":"plain","optional":true},"disabled":{"type":"bool","description":"Whether this rate limiting rule is currently disabled.","description_kind":"plain","optional":true},"domain_id":{"type":"string","description":"CIS Domain ID","description_kind":"plain","required":true},"id":{"type":"string","description_kind":"plain","optional":true,"computed":true},"period":{"type":"number","description":"Rate Limiting Period","description_kind":"plain","required":true},"rule_id":{"type":"string","description":"Rate Limit rule Id","description_kind":"plain","computed":true},"threshold":{"type":"number","description":"Rate Limiting Threshold","description_kind":"plain","required":true}},"block_types":{"action":{"nesting_mode":"list","block":{"attributes":{"mode":{"type":"string","description":"Type of action performed.Valid values are: 'simulate', 'ban', 'challenge', 'js_challenge'.","description_kind":"plain","required":true},"timeout":{"type":"number","description":"The time to perform the mitigation action. Timeout be the same or greater than the period.","description_kind":"plain","optional":true}},"block_types":{"response":{"nesting_mode":"list","block":{"attributes":{"body":{"type":"string","description":"The body to return. The content here must confirm to the 'content_type'","description_kind":"plain","required":true},"content_type":{"type":"string","description":"Custom content-type and body to return. It must be one of following 'text/plain', 'text/xml', 'application/json'.","description_kind":"plain","required":true}},"description":"Rate Limiting Action Response","description_kind":"plain"},"max_items":1}},"description":"Rate Limiting Action","description_kind":"plain"},"min_items":1,"max_items":1},"bypass":{"nesting_mode":"list","block":{"attributes":{"name":{"type":"string","description":"bypass URL name","description_kind":"plain","optional":true},"value":{"type":"string","description":"bypass URL value","description_kind":"plain","optional":true}},"description":"Bypass URL","description_kind":"plain"}},"correlate":{"nesting_mode":"list","block":{"attributes":{"by":{"type":"string","description":"Whether to enable NAT based rate limiting","description_kind":"plain","optional":true}},"description":"Ratelimiting Correlate","description_kind":"plain"},"max_items":1},"match":{"nesting_mode":"list","block":{"block_types":{"request":{"nesting_mode":"list","block":{"attributes":{"methods":{"type":["set","string"],"description":"HTTP Methos of matching request. It can be one or many. Example methods 'POST', 'PUT'","description_kind":"plain","optional":true,"computed":true},"schemes":{"type":["set","string"],"description":"HTTP Schemes of matching request. It can be one or many. Example schemes 'HTTP', 'HTTPS'.","description_kind":"plain","optional":true,"computed":true},"url":{"type":"string","description":"URL pattern of matching request","description_kind":"plain","optional":true,"computed":true}},"description":"Rate Limiting Match Request","description_kind":"plain"},"max_items":1},"response":{"nesting_mode":"list","block":{"attributes":{"origin_traffic":{"type":"bool","description":"Origin Traffic of matching response.","description_kind":"plain","optional":true},"status":{"type":["set","number"],"description":"HTTP Status Codes of matching response. It can be one or many. Example status codes '403', '401","description_kind":"plain","optional":true}},"block_types":{"headers":{"nesting_mode":"list","block":{"attributes":{"name":{"type":"string","description":"The name of the response header to match.","description_kind":"plain","optional":true},"op":{"type":"string","description":"The operator when matching. Valid values are 'eq' and 'ne'.","description_kind":"plain","optional":true},"value":{"type":"string","description":"The value of the header, which is exactly matched.","description_kind":"plain","optional":true}},"description_kind":"plain"}}},"description":"Rate Limiting Response","description_kind":"plain"},"max_items":1}},"description":"Rate Limiting Match","description_kind":"plain"},"max_items":1}},"description_kind":"plain"}},"ibm_cis_routing":{"version":0,"block":{"attributes":{"cis_id":{"type":"string","description":"CIS Intance CRN","description_kind":"plain","required":true},"domain_id":{"type":"string","description":"CIS Domain ID","description_kind":"plain","required":true},"id":{"type":"string","description_kind":"plain","optional":true,"computed":true},"smart_routing":{"type":"string","description":"Smart Routing value","description_kind":"plain","optional":true,"computed":true}},"description_kind":"plain"}},"ibm_cis_tls_settings":{"version":0,"block":{"attributes":{"cis_id":{"type":"string","description":"CIS instance crn","description_kind":"plain","required":true},"domain_id":{"type":"string","description":"Associated CIS domain","description_kind":"plain","required":true},"id":{"type":"string","description_kind":"plain","optional":true,"computed":true},"min_tls_version":{"type":"string","description":"Minimum version of TLS required","description_kind":"plain","optional":true},"tls_1_3":{"type":"string","description":"TLS 1.3 setting","description_kind":"plain","optional":true,"computed":true},"universal_ssl":{"type":"bool","description":"Universal SSL setting","description_kind":"plain","optional":true,"computed":true}},"description_kind":"plain"}},"ibm_cis_waf_group":{"version":0,"block":{"attributes":{"cis_id":{"type":"string","description":"CIS Intance CRN","description_kind":"plain","required":true},"description":{"type":"string","description":"WAF Rule group description","description_kind":"plain","computed":true},"domain_id":{"type":"string","description":"CIS Domain ID","description_kind":"plain","required":true},"group_id":{"type":"string","description":"WAF Rule group id","description_kind":"plain","required":true},"id":{"type":"string","description_kind":"plain","optional":true,"computed":true},"mode":{"type":"string","description":"WAF Rule group mode on/off","description_kind":"plain","required":true},"modified_rules_count":{"type":"string","description":"WAF Rule group modified rules count","description_kind":"plain","computed":true},"name":{"type":"string","description":"WAF Rule group name","description_kind":"plain","computed":true},"package_id":{"type":"string","description":"WAF Rule package id","description_kind":"plain","required":true},"rules_count":{"type":"string","description":"WAF Rule group rules count","description_kind":"plain","computed":true}},"description_kind":"plain"}},"ibm_cis_waf_package":{"version":0,"block":{"attributes":{"action_mode":{"type":"string","description":"WAF pakcage action mode","description_kind":"plain","required":true},"cis_id":{"type":"string","description":"CIS Intance CRN","description_kind":"plain","required":true},"description":{"type":"string","description":"WAF package description","description_kind":"plain","computed":true},"detection_mode":{"type":"string","description":"WAF pakcage detection mode","description_kind":"plain","computed":true},"domain_id":{"type":"string","description":"CIS Domain ID","description_kind":"plain","required":true},"id":{"type":"string","description_kind":"plain","optional":true,"computed":true},"name":{"type":"string","description":"WAF pakcage name","description_kind":"plain","computed":true},"package_id":{"type":"string","description":"WAF pakcage ID","description_kind":"plain","required":true},"sensitivity":{"type":"string","description":"WAF pakcage sensitivity","description_kind":"plain","required":true}},"description_kind":"plain"}},"ibm_cis_waf_rule":{"version":0,"block":{"attributes":{"allowed_modes":{"type":"string","description":"CIS WAF Rule allowed modes","description_kind":"plain","computed":true},"cis_id":{"type":"string","description":"CIS Intance CRN","description_kind":"plain","required":true},"description":{"type":"string","description":"CIS WAF Rule descriptions","description_kind":"plain","computed":true},"domain_id":{"type":"string","description":"CIS Domain ID","description_kind":"plain","required":true},"group":{"type":["list",["object",{"id":"string","name":"string"}]],"description":"CIS WAF Rule group","description_kind":"plain","computed":true},"id":{"type":"string","description_kind":"plain","optional":true,"computed":true},"mode":{"type":"string","description":"CIS WAF Rule mode","description_kind":"plain","required":true},"package_id":{"type":"string","description":"CIS WAF Rule package id","description_kind":"plain","required":true},"priority":{"type":"number","description":"CIS WAF Rule Priority","description_kind":"plain","computed":true},"rule_id":{"type":"string","description":"CIS WAF Rule id","description_kind":"plain","required":true}},"description_kind":"plain"}},"ibm_cm_catalog":{"version":0,"block":{"attributes":{"catalog_icon_url":{"type":"string","description":"URL for an icon associated with this catalog.","description_kind":"plain","optional":true},"crn":{"type":"string","description":"CRN associated with the catalog.","description_kind":"plain","computed":true},"id":{"type":"string","description_kind":"plain","optional":true,"computed":true},"label":{"type":"string","description":"Display Name in the requested language.","description_kind":"plain","required":true},"offerings_url":{"type":"string","description":"URL path to offerings.","description_kind":"plain","computed":true},"short_description":{"type":"string","description":"Description in the requested language.","description_kind":"plain","optional":true},"tags":{"type":["list","string"],"description":"List of tags associated with this catalog.","description_kind":"plain","optional":true},"url":{"type":"string","description":"The url for this specific catalog.","description_kind":"plain","computed":true}},"description_kind":"plain"}},"ibm_cm_offering":{"version":0,"block":{"attributes":{"catalog_id":{"type":"string","description":"The id of the catalog containing this offering.","description_kind":"plain","required":true},"catalog_name":{"type":"string","description":"The name of the catalog.","description_kind":"plain","computed":true},"crn":{"type":"string","description":"The crn for this specific offering.","description_kind":"plain","computed":true},"disclaimer":{"type":"string","description":"A disclaimer for this offering.","description_kind":"plain","computed":true},"hidden":{"type":"bool","description":"Determine if this offering should be displayed in the Consumption UI.","description_kind":"plain","computed":true},"ibm_publish_approved":{"type":"bool","description":"Indicates if this offering has been approved for use by all IBMers.","description_kind":"plain","computed":true},"id":{"type":"string","description_kind":"plain","optional":true,"computed":true},"label":{"type":"string","description":"Display Name in the requested language.","description_kind":"plain","required":true},"long_description":{"type":"string","description":"Long description in the requested language.","description_kind":"plain","computed":true},"name":{"type":"string","description":"The programmatic name of this offering.","description_kind":"plain","computed":true},"offering_docs_url":{"type":"string","description":"URL for an additional docs with this offering.","description_kind":"plain","computed":true},"offering_icon_url":{"type":"string","description":"URL for an icon associated with this offering.","description_kind":"plain","computed":true},"offering_id":{"type":"string","description":"The id of the catalog containing this offering.","description_kind":"plain","computed":true},"offering_support_url":{"type":"string","description":"URL to be displayed in the Consumption UI for getting support on this offering.","description_kind":"plain","computed":true},"permit_request_ibm_public_publish":{"type":"bool","description":"Is it permitted to request publishing to IBM or Public.","description_kind":"plain","computed":true},"portal_approval_record":{"type":"string","description":"The portal's approval record ID.","description_kind":"plain","computed":true},"portal_ui_url":{"type":"string","description":"The portal UI URL.","description_kind":"plain","computed":true},"public_original_crn":{"type":"string","description":"The original offering CRN that this publish entry came from.","description_kind":"plain","computed":true},"public_publish_approved":{"type":"bool","description":"Indicates if this offering has been approved for use by all IBM Cloud users.","description_kind":"plain","computed":true},"publish_public_crn":{"type":"string","description":"The crn of the public catalog entry of this offering.","description_kind":"plain","computed":true},"repo_info":{"type":["list",["object",{"token":"string","type":"string"}]],"description":"Repository info for offerings.","description_kind":"plain","computed":true},"short_description":{"type":"string","description":"Short description in the requested language.","description_kind":"plain","computed":true},"tags":{"type":["list","string"],"description":"List of tags associated with this catalog.","description_kind":"plain","optional":true},"url":{"type":"string","description":"The url for this specific offering.","description_kind":"plain","computed":true}},"description_kind":"plain"}},"ibm_cm_offering_instance":{"version":0,"block":{"attributes":{"catalog_id":{"type":"string","description":"Catalog ID this instance was created from.","description_kind":"plain","required":true},"channel":{"type":"string","description":"channel to target for the operator subscription. Required for operator bundles","description_kind":"plain","optional":true},"cluster_all_namespaces":{"type":"bool","description":"designate to install into all namespaces.","description_kind":"plain","required":true},"cluster_id":{"type":"string","description":"Cluster ID.","description_kind":"plain","required":true},"cluster_namespaces":{"type":["list","string"],"description":"List of target namespaces to install into.","description_kind":"plain","required":true},"cluster_region":{"type":"string","description":"Cluster region (e.g., us-south).","description_kind":"plain","required":true},"crn":{"type":"string","description":"platform CRN for this instance.","description_kind":"plain","computed":true},"id":{"type":"string","description_kind":"plain","optional":true,"computed":true},"install_plan":{"type":"string","description":"install plan for the subscription of the operator- can be either automatic or manual. Required for operator bundles","description_kind":"plain","optional":true},"kind_format":{"type":"string","description":"the format this instance has (helm, operator, ova...).","description_kind":"plain","required":true},"label":{"type":"string","description":"the label for this instance.","description_kind":"plain","required":true},"offering_id":{"type":"string","description":"Offering ID this instance was created from.","description_kind":"plain","required":true},"resource_group_id":{"type":"string","description":"id of the resource group","description_kind":"plain","optional":true},"schematics_workspace_id":{"type":"string","description":"id of the schematics workspace, for offerings installed through schematics","description_kind":"plain","computed":true},"url":{"type":"string","description":"url reference to this object.","description_kind":"plain","computed":true},"version":{"type":"string","description":"The version this instance was installed from (not version id).","description_kind":"plain","required":true},"wait_until_successful":{"type":"bool","description":"Whether to wait until the offering instance successfully provisions, or to return when accepted","description_kind":"plain","optional":true}},"block_types":{"timeouts":{"nesting_mode":"single","block":{"attributes":{"create":{"type":"string","description_kind":"plain","optional":true},"delete":{"type":"string","description_kind":"plain","optional":true},"update":{"type":"string","description_kind":"plain","optional":true}},"description_kind":"plain"}}},"description_kind":"plain"}},"ibm_cm_version":{"version":0,"block":{"attributes":{"catalog_id":{"type":"string","description":"Catalog ID.","description_kind":"plain","computed":true},"catalog_identifier":{"type":"string","description":"Catalog identifier.","description_kind":"plain","required":true},"content":{"type":"string","description":"byte array representing the content to be imported.  Only supported for OVA images at this time.","description_kind":"plain","optional":true},"created":{"type":"string","description":"The date and time this version was created.","description_kind":"plain","computed":true},"crn":{"type":"string","description":"Version's CRN.","description_kind":"plain","computed":true},"id":{"type":"string","description_kind":"plain","optional":true,"computed":true},"kind_id":{"type":"string","description":"Kind ID.","description_kind":"plain","computed":true},"offering_id":{"type":"string","description":"Offering identification.","description_kind":"plain","required":true},"repo_url":{"type":"string","description":"Content's repo URL.","description_kind":"plain","computed":true},"sha":{"type":"string","description":"hash of the content.","description_kind":"plain","computed":true},"source_url":{"type":"string","description":"Content's source URL (e.g git repo).","description_kind":"plain","computed":true},"tags":{"type":["list","string"],"description":"Tags array.","description_kind":"plain","optional":true},"target_kinds":{"type":["list","string"],"description":"Target kinds.  Current valid values are 'iks', 'roks', 'vcenter', and 'terraform'.","description_kind":"plain","optional":true},"target_version":{"type":"string","description":"The semver value for this new version, if not found in the zip url package content.","description_kind":"plain","optional":true},"tgz_url":{"type":"string","description":"File used to on-board this version.","description_kind":"plain","computed":true},"updated":{"type":"string","description":"The date and time this version was last updated.","description_kind":"plain","computed":true},"version":{"type":"string","description":"Version of content type.","description_kind":"plain","computed":true},"zipurl":{"type":"string","description":"URL path to zip location.  If not specified, must provide content in the body of this call.","description_kind":"plain","optional":true}},"description_kind":"plain"}},"ibm_compute_autoscale_group":{"version":0,"block":{"attributes":{"cooldown":{"type":"number","description":"Cooldown value","description_kind":"plain","required":true},"health_check":{"type":["map","string"],"description_kind":"plain","optional":true},"id":{"type":"string","description_kind":"plain","optional":true,"computed":true},"maximum_member_count":{"type":"number","description":"Maximum member count","description_kind":"plain","required":true},"minimum_member_count":{"type":"number","description":"Minimum member count","description_kind":"plain","required":true},"name":{"type":"string","description":"Name","description_kind":"plain","required":true},"network_vlan_ids":{"type":["set","number"],"description":"List of network VLAN ids","description_kind":"plain","optional":true},"port":{"type":"number","description":"Port number","description_kind":"plain","optional":true},"regional_group":{"type":"string","description":"regional group","description_kind":"plain","required":true},"tags":{"type":["set","string"],"description":"List of tags","description_kind":"plain","optional":true},"termination_policy":{"type":"string","description":"Termination policy","description_kind":"plain","required":true},"virtual_server_id":{"type":"number","description":"virtual server ID","description_kind":"plain","optional":true}},"block_types":{"virtual_guest_member_template":{"nesting_mode":"list","block":{"attributes":{"block_storage_ids":{"type":["set","number"],"description_kind":"plain","optional":true,"computed":true},"cores":{"type":"number","description_kind":"plain","optional":true,"computed":true},"datacenter":{"type":"string","description_kind":"plain","optional":true,"computed":true},"datacenter_choice":{"type":["list",["map","string"]],"description":"The user provided datacenter options","description_kind":"plain","optional":true},"dedicated_acct_host_only":{"type":"bool","description_kind":"plain","optional":true},"dedicated_host_id":{"type":"number","description_kind":"plain","optional":true},"dedicated_host_name":{"type":"string","description_kind":"plain","optional":true},"disks":{"type":["list","number"],"description_kind":"plain","optional":true,"computed":true},"domain":{"type":"string","description_kind":"plain","optional":true},"evault":{"type":"number","description_kind":"plain","optional":true},"file_storage_ids":{"type":["set","number"],"description_kind":"plain","optional":true,"computed":true},"flavor_key_name":{"type":"string","description":"Flavor key name used to provision vm.","description_kind":"plain","optional":true,"computed":true},"hostname":{"type":"string","description_kind":"plain","optional":true},"hourly_billing":{"type":"bool","description_kind":"plain","optional":true},"image_id":{"type":"number","description_kind":"plain","optional":true},"ip_address_id":{"type":"number","description_kind":"plain","computed":true},"ip_address_id_private":{"type":"number","description_kind":"plain","computed":true},"ipv4_address":{"type":"string","description_kind":"plain","computed":true},"ipv4_address_private":{"type":"string","description_kind":"plain","computed":true},"ipv6_address":{"type":"string","description_kind":"plain","computed":true},"ipv6_address_id":{"type":"number","description_kind":"plain","computed":true},"ipv6_enabled":{"type":"bool","description_kind":"plain","optional":true},"ipv6_static_enabled":{"type":"bool","description_kind":"plain","optional":true},"local_disk":{"type":"bool","description_kind":"plain","optional":true},"memory":{"type":"number","description_kind":"plain","optional":true,"computed":true},"network_speed":{"type":"number","description_kind":"plain","optional":true},"notes":{"type":"string","description_kind":"plain","optional":true},"os_reference_code":{"type":"string","description_kind":"plain","optional":true},"placement_group_id":{"type":"number","description":"The placement group id","description_kind":"plain","optional":true},"placement_group_name":{"type":"string","description":"The placement group name","description_kind":"plain","optional":true},"post_install_script_uri":{"type":"string","description_kind":"plain","optional":true},"private_interface_id":{"type":"number","description_kind":"plain","computed":true},"private_network_only":{"type":"bool","description_kind":"plain","optional":true},"private_security_group_ids":{"type":["set","number"],"description_kind":"plain","optional":true,"computed":true},"private_subnet":{"type":"string","description_kind":"plain","optional":true,"computed":true},"private_subnet_id":{"type":"number","description_kind":"plain","computed":true},"private_vlan_id":{"type":"number","description_kind":"plain","optional":true,"computed":true},"public_bandwidth_limited":{"type":"number","description_kind":"plain","optional":true,"computed":true},"public_bandwidth_unlimited":{"type":"bool","description_kind":"plain","optional":true},"public_interface_id":{"type":"number","description_kind":"plain","computed":true},"public_ipv6_subnet":{"type":"string","description_kind":"plain","computed":true},"public_ipv6_subnet_id":{"type":"number","description_kind":"plain","computed":true},"public_security_group_ids":{"type":["set","number"],"description_kind":"plain","optional":true,"computed":true},"public_subnet":{"type":"string","description_kind":"plain","optional":true,"computed":true},"public_subnet_id":{"type":"number","description_kind":"plain","computed":true},"public_vlan_id":{"type":"number","description_kind":"plain","optional":true,"computed":true},"quote_id":{"type":"number","description":"Quote ID for Quote based provisioning","description_kind":"plain","optional":true},"resource_controller_url":{"type":"string","description":"The URL of the IBM Cloud dashboard that can be used to explore and view details about this instance","description_kind":"plain","computed":true},"resource_name":{"type":"string","description":"The name of the resource","description_kind":"plain","computed":true},"resource_status":{"type":"string","description":"The status of the resource","description_kind":"plain","computed":true},"secondary_ip_addresses":{"type":["list","string"],"description_kind":"plain","computed":true},"secondary_ip_count":{"type":"number","description_kind":"plain","optional":true},"ssh_key_ids":{"type":["set","number"],"description_kind":"plain","optional":true},"tags":{"type":["set","string"],"description_kind":"plain","optional":true},"transient":{"type":"bool","description_kind":"plain","optional":true},"user_metadata":{"type":"string","description_kind":"plain","optional":true}},"block_types":{"bulk_vms":{"nesting_mode":"set","block":{"attributes":{"domain":{"type":"string","description_kind":"plain","required":true},"hostname":{"type":"string","description_kind":"plain","required":true}},"description_kind":"plain"}}},"description":"Virtual guest member template","description_kind":"plain"},"min_items":1}},"description_kind":"plain"}},"ibm_compute_autoscale_policy":{"version":0,"block":{"attributes":{"cooldown":{"type":"number","description":"cooldown value","description_kind":"plain","optional":true},"id":{"type":"string","description_kind":"plain","optional":true,"computed":true},"name":{"type":"string","description":"Name","description_kind":"plain","required":true},"scale_amount":{"type":"number","description":"Scale amount","description_kind":"plain","required":true},"scale_group_id":{"type":"number","description":"scale group ID","description_kind":"plain","required":true},"scale_type":{"type":"string","description":"scale type","description_kind":"plain","required":true},"tags":{"type":["set","string"],"description":"List of tags","description_kind":"plain","optional":true}},"block_types":{"triggers":{"nesting_mode":"set","block":{"attributes":{"date":{"type":"string","description_kind":"plain","optional":true},"id":{"type":"number","description_kind":"plain","computed":true},"schedule":{"type":"string","description_kind":"plain","optional":true},"type":{"type":"string","description_kind":"plain","required":true}},"block_types":{"watches":{"nesting_mode":"set","block":{"attributes":{"id":{"type":"number","description_kind":"plain","computed":true},"metric":{"type":"string","description_kind":"plain","required":true},"operator":{"type":"string","description_kind":"plain","required":true},"period":{"type":"number","description_kind":"plain","required":true},"value":{"type":"string","description_kind":"plain","required":true}},"description_kind":"plain"}}},"description_kind":"plain"}}},"description_kind":"plain"}},"ibm_compute_bare_metal":{"version":0,"block":{"attributes":{"block_storage_ids":{"type":["set","number"],"description_kind":"plain","optional":true,"computed":true},"datacenter":{"type":"string","description_kind":"plain","optional":true,"computed":true},"disk_key_names":{"type":["list","string"],"description_kind":"plain","optional":true},"domain":{"type":"string","description":"Domain name","description_kind":"plain","required":true},"extended_hardware_testing":{"type":"bool","description_kind":"plain","optional":true},"file_storage_ids":{"type":["set","number"],"description_kind":"plain","optional":true,"computed":true},"fixed_config_preset":{"type":"string","description":"Fixed config preset value","description_kind":"plain","optional":true},"global_identifier":{"type":"string","description":"The unique global identifier of the bare metal server","description_kind":"plain","computed":true},"gpu_key_name":{"type":"string","description_kind":"plain","optional":true},"gpu_secondary_key_name":{"type":"string","description_kind":"plain","optional":true},"hostname":{"type":"string","description":"Host name","description_kind":"plain","optional":true},"hourly_billing":{"type":"bool","description":"Enables hourly billing","description_kind":"plain","optional":true},"id":{"type":"string","description_kind":"plain","optional":true,"computed":true},"image_template_id":{"type":"number","description":"OS image template ID","description_kind":"plain","optional":true},"ipv6_address":{"type":"string","description_kind":"plain","computed":true},"ipv6_address_id":{"type":"number","description_kind":"plain","computed":true},"ipv6_enabled":{"type":"bool","description":"Boolean value true if IPV6 ia enabled or false","description_kind":"plain","optional":true},"ipv6_static_enabled":{"type":"bool","description":"boolean value true if ipv6 static is enabled else false","description_kind":"plain","optional":true},"memory":{"type":"number","description_kind":"plain","optional":true,"computed":true},"network_speed":{"type":"number","description":"Network speed in MBPS","description_kind":"plain","optional":true},"notes":{"type":"string","description":"Optional notes info","description_kind":"plain","optional":true},"os_key_name":{"type":"string","description_kind":"plain","optional":true},"os_reference_code":{"type":"string","description":"OS refernece code value","description_kind":"plain","optional":true,"computed":true},"package_key_name":{"type":"string","description_kind":"plain","optional":true},"post_install_script_uri":{"type":"string","description_kind":"plain","optional":true},"private_ipv4_address":{"type":"string","description_kind":"plain","computed":true},"private_ipv4_address_id":{"type":"number","description_kind":"plain","computed":true},"private_network_only":{"type":"bool","description":"only private network configured if is true","description_kind":"plain","optional":true},"private_subnet":{"type":"string","description_kind":"plain","optional":true,"computed":true},"private_vlan_id":{"type":"number","description_kind":"plain","optional":true,"computed":true},"process_key_name":{"type":"string","description_kind":"plain","optional":true},"public_bandwidth":{"type":"number","description_kind":"plain","optional":true,"computed":true},"public_ipv4_address":{"type":"string","description_kind":"plain","computed":true},"public_ipv4_address_id":{"type":"number","description_kind":"plain","computed":true},"public_subnet":{"type":"string","description_kind":"plain","optional":true,"computed":true},"public_vlan_id":{"type":"number","description_kind":"plain","optional":true,"computed":true},"quote_id":{"type":"number","description":"Quote ID for Quote based provisioning","description_kind":"plain","optional":true},"redundant_network":{"type":"bool","description_kind":"plain","optional":true},"redundant_power_supply":{"type":"bool","description_kind":"plain","optional":true,"computed":true},"restricted_network":{"type":"bool","description_kind":"plain","optional":true},"secondary_ip_addresses":{"type":["list","string"],"description_kind":"plain","computed":true},"secondary_ip_count":{"type":"number","description":"Secondary IP addresses count","description_kind":"plain","optional":true},"software_guard_extensions":{"type":"bool","description_kind":"plain","optional":true},"ssh_key_ids":{"type":["list","number"],"description":"SSH KEY IDS list","description_kind":"plain","optional":true},"tags":{"type":["set","string"],"description_kind":"plain","optional":true},"tcp_monitoring":{"type":"bool","description":"TCP monitoring enabled if set as true","description_kind":"plain","optional":true},"unbonded_network":{"type":"bool","description_kind":"plain","optional":true},"user_metadata":{"type":"string","description":"User metadata info","description_kind":"plain","optional":true}},"block_types":{"storage_groups":{"nesting_mode":"list","block":{"attributes":{"array_size":{"type":"number","description":"Array size of harddrives list","description_kind":"plain","optional":true},"array_type_id":{"type":"number","description":"Array type ID","description_kind":"plain","required":true},"hard_drives":{"type":["list","number"],"description":"Hard-drives List","description_kind":"plain","required":true},"partition_template_id":{"type":"number","description":"Partition template ID","description_kind":"plain","optional":true}},"description_kind":"plain"}}},"description_kind":"plain"}},"ibm_compute_dedicated_host":{"version":0,"block":{"attributes":{"cpu_count":{"type":"number","description":"The capacity that the dedicated host's CPU allocation is restricted to.","description_kind":"plain","computed":true},"datacenter":{"type":"string","description":"The data center in which the dedicatated host is to be provisioned.","description_kind":"plain","required":true},"disk_capacity":{"type":"number","description":"The capacity that the dedicated host's disk allocation is restricted to.","description_kind":"plain","computed":true},"domain":{"type":"string","description":"The domain of dedicatated host.","description_kind":"plain","required":true},"flavor":{"type":"string","description":"The flavor of the dedicatated host.","description_kind":"plain","optional":true},"hostname":{"type":"string","description":"The host name of dedicatated host.","description_kind":"plain","required":true},"hourly_billing":{"type":"bool","description":"The billing type for the dedicatated host.","description_kind":"plain","optional":true},"id":{"type":"string","description_kind":"plain","optional":true,"computed":true},"memory_capacity":{"type":"number","description":"The capacity that the dedicated host's memory allocation is restricted to.","description_kind":"plain","computed":true},"router_hostname":{"type":"string","description":"The hostname of the primary router that the dedicated host is associated with.","description_kind":"plain","required":true},"tags":{"type":["set","string"],"description_kind":"plain","optional":true},"wait_time_minutes":{"type":"number","description_kind":"plain","optional":true}},"description_kind":"plain"}},"ibm_compute_monitor":{"version":0,"block":{"attributes":{"guest_id":{"type":"number","description":"Guest ID","description_kind":"plain","required":true},"id":{"type":"string","description_kind":"plain","optional":true,"computed":true},"ip_address":{"type":"string","description":"IP Address","description_kind":"plain","optional":true},"notified_users":{"type":["set","number"],"description":"List of users notified","description_kind":"plain","optional":true,"computed":true},"query_type_id":{"type":"number","description":"Query Type ID","description_kind":"plain","required":true},"response_action_id":{"type":"number","description":"Response action ID","description_kind":"plain","required":true},"tags":{"type":["set","string"],"description":"List of tags","description_kind":"plain","optional":true},"wait_cycles":{"type":"number","description":"wait cycles count","description_kind":"plain","optional":true}},"description_kind":"plain"}},"ibm_compute_placement_group":{"version":0,"block":{"attributes":{"datacenter":{"type":"string","description":"Dataceneter name","description_kind":"plain","required":true},"id":{"type":"string","description_kind":"plain","optional":true,"computed":true},"name":{"type":"string","description":"Name","description_kind":"plain","required":true},"pod":{"type":"string","description":"Pod name","description_kind":"plain","required":true},"rule":{"type":"string","description":"Rule info","description_kind":"plain","optional":true},"tags":{"type":["set","string"],"description":"List of tags","description_kind":"plain","optional":true}},"block_types":{"timeouts":{"nesting_mode":"single","block":{"attributes":{"delete":{"type":"string","description_kind":"plain","optional":true}},"description_kind":"plain"}}},"description_kind":"plain"}},"ibm_compute_provisioning_hook":{"version":0,"block":{"attributes":{"id":{"type":"string","description_kind":"plain","optional":true,"computed":true},"name":{"type":"string","description":"Provision hook name","description_kind":"plain","required":true},"tags":{"type":["set","string"],"description":"Tags associated with resource","description_kind":"plain","optional":true},"uri":{"type":"string","description":"URI of the hook","description_kind":"plain","required":true}},"description_kind":"plain"}},"ibm_compute_ssh_key":{"version":0,"block":{"attributes":{"fingerprint":{"type":"string","description":"SSH key fingerprint","description_kind":"plain","computed":true},"id":{"type":"string","description_kind":"plain","optional":true,"computed":true},"label":{"type":"string","description":"SSH Key label","description_kind":"plain","required":true},"notes":{"type":"string","description":"Additional notes","description_kind":"plain","optional":true},"public_key":{"type":"string","description":"Plublic Key info","description_kind":"plain","required":true},"tags":{"type":["set","string"],"description":"List of tags for the resource","description_kind":"plain","optional":true}},"description_kind":"plain"}},"ibm_compute_ssl_certificate":{"version":0,"block":{"attributes":{"certificate":{"type":"string","description":"SSL Certifcate","description_kind":"plain","required":true},"common_name":{"type":"string","description":"Common name","description_kind":"plain","computed":true},"create_date":{"type":"string","description":"certificate creation date","description_kind":"plain","computed":true},"id":{"type":"string","description_kind":"plain","optional":true,"computed":true},"intermediate_certificate":{"type":"string","description":"Intermediate certificate value","description_kind":"plain","optional":true},"key_size":{"type":"number","description":"SSL key size","description_kind":"plain","computed":true},"modify_date":{"type":"string","description":"certificate modificatiob date","description_kind":"plain","computed":true},"organization_name":{"type":"string","description":"Organization name","description_kind":"plain","computed":true},"private_key":{"type":"string","description":"SSL Private Key","description_kind":"plain","required":true,"sensitive":true},"tags":{"type":["set","string"],"description":"Tags set for resource","description_kind":"plain","optional":true},"validity_begin":{"type":"string","description":"Validity begins from","description_kind":"plain","computed":true},"validity_days":{"type":"number","description":"Validity days","description_kind":"plain","computed":true},"validity_end":{"type":"string","description":"Validity ends before","description_kind":"plain","computed":true}},"description_kind":"plain"}},"ibm_compute_user":{"version":0,"block":{"attributes":{"address1":{"type":"string","description":"Address info of the user","description_kind":"plain","required":true},"address2":{"type":"string","description":"Address info of the user","description_kind":"plain","optional":true},"api_key":{"type":"string","description":"API key for the user","description_kind":"plain","optional":true,"computed":true,"sensitive":true},"city":{"type":"string","description":"City name","description_kind":"plain","required":true},"company_name":{"type":"string","description":"comapany name","description_kind":"plain","required":true},"country":{"type":"string","description":"Country name","description_kind":"plain","required":true},"email":{"type":"string","description":"email address of the user","description_kind":"plain","required":true},"first_name":{"type":"string","description":"First name of the user","description_kind":"plain","required":true},"has_api_key":{"type":"bool","description":"API Key info of the user","description_kind":"plain","optional":true},"ibm_id":{"type":"string","description":"IBM ID of the  user","description_kind":"plain","computed":true},"id":{"type":"string","description_kind":"plain","optional":true,"computed":true},"last_name":{"type":"string","description":"Last name of the user","description_kind":"plain","required":true},"password":{"type":"string","description":"password for the user","description_kind":"plain","optional":true,"sensitive":true},"permissions":{"type":["set","string"],"description":"set of persmissions assigned for the user","description_kind":"plain","optional":true},"state":{"type":"string","description":"Satate name","description_kind":"plain","required":true},"tags":{"type":["set","string"],"description":"Tags set for the resources","description_kind":"plain","optional":true},"timezone":{"type":"string","description":"time zone info","description_kind":"plain","required":true},"user_status":{"type":"string","description":"user status info","description_kind":"plain","optional":true},"username":{"type":"string","description":"user name","description_kind":"plain","optional":true,"computed":true}},"description_kind":"plain"}},"ibm_compute_vm_instance":{"version":0,"block":{"attributes":{"block_storage_ids":{"type":["set","number"],"description_kind":"plain","optional":true,"computed":true},"cores":{"type":"number","description_kind":"plain","optional":true,"computed":true},"datacenter":{"type":"string","description_kind":"plain","optional":true,"computed":true},"datacenter_choice":{"type":["list",["map","string"]],"description":"The user provided datacenter options","description_kind":"plain","optional":true},"dedicated_acct_host_only":{"type":"bool","description_kind":"plain","optional":true},"dedicated_host_id":{"type":"number","description_kind":"plain","optional":true},"dedicated_host_name":{"type":"string","description_kind":"plain","optional":true},"disks":{"type":["list","number"],"description_kind":"plain","optional":true,"computed":true},"domain":{"type":"string","description_kind":"plain","optional":true},"evault":{"type":"number","description_kind":"plain","optional":true},"file_storage_ids":{"type":["set","number"],"description_kind":"plain","optional":true,"computed":true},"flavor_key_name":{"type":"string","description":"Flavor key name used to provision vm.","description_kind":"plain","optional":true,"computed":true},"hostname":{"type":"string","description_kind":"plain","optional":true},"hourly_billing":{"type":"bool","description_kind":"plain","optional":true},"id":{"type":"string","description_kind":"plain","optional":true,"computed":true},"image_id":{"type":"number","description_kind":"plain","optional":true},"ip_address_id":{"type":"number","description_kind":"plain","computed":true},"ip_address_id_private":{"type":"number","description_kind":"plain","computed":true},"ipv4_address":{"type":"string","description_kind":"plain","computed":true},"ipv4_address_private":{"type":"string","description_kind":"plain","computed":true},"ipv6_address":{"type":"string","description_kind":"plain","computed":true},"ipv6_address_id":{"type":"number","description_kind":"plain","computed":true},"ipv6_enabled":{"type":"bool","description_kind":"plain","optional":true},"ipv6_static_enabled":{"type":"bool","description_kind":"plain","optional":true},"local_disk":{"type":"bool","description_kind":"plain","optional":true},"memory":{"type":"number","description_kind":"plain","optional":true,"computed":true},"network_speed":{"type":"number","description_kind":"plain","optional":true},"notes":{"type":"string","description_kind":"plain","optional":true},"os_reference_code":{"type":"string","description_kind":"plain","optional":true},"placement_group_id":{"type":"number","description":"The placement group id","description_kind":"plain","optional":true},"placement_group_name":{"type":"string","description":"The placement group name","description_kind":"plain","optional":true},"post_install_script_uri":{"type":"string","description_kind":"plain","optional":true},"private_interface_id":{"type":"number","description_kind":"plain","computed":true},"private_network_only":{"type":"bool","description_kind":"plain","optional":true},"private_security_group_ids":{"type":["set","number"],"description_kind":"plain","optional":true,"computed":true},"private_subnet":{"type":"string","description_kind":"plain","optional":true,"computed":true},"private_subnet_id":{"type":"number","description_kind":"plain","computed":true},"private_vlan_id":{"type":"number","description_kind":"plain","optional":true,"computed":true},"public_bandwidth_limited":{"type":"number","description_kind":"plain","optional":true,"computed":true},"public_bandwidth_unlimited":{"type":"bool","description_kind":"plain","optional":true},"public_interface_id":{"type":"number","description_kind":"plain","computed":true},"public_ipv6_subnet":{"type":"string","description_kind":"plain","computed":true},"public_ipv6_subnet_id":{"type":"number","description_kind":"plain","computed":true},"public_security_group_ids":{"type":["set","number"],"description_kind":"plain","optional":true,"computed":true},"public_subnet":{"type":"string","description_kind":"plain","optional":true,"computed":true},"public_subnet_id":{"type":"number","description_kind":"plain","computed":true},"public_vlan_id":{"type":"number","description_kind":"plain","optional":true,"computed":true},"quote_id":{"type":"number","description":"Quote ID for Quote based provisioning","description_kind":"plain","optional":true},"resource_controller_url":{"type":"string","description":"The URL of the IBM Cloud dashboard that can be used to explore and view details about this instance","description_kind":"plain","computed":true},"resource_name":{"type":"string","description":"The name of the resource","description_kind":"plain","computed":true},"resource_status":{"type":"string","description":"The status of the resource","description_kind":"plain","computed":true},"secondary_ip_addresses":{"type":["list","string"],"description_kind":"plain","computed":true},"secondary_ip_count":{"type":"number","description_kind":"plain","optional":true},"ssh_key_ids":{"type":["set","number"],"description_kind":"plain","optional":true},"tags":{"type":["set","string"],"description_kind":"plain","optional":true},"transient":{"type":"bool","description_kind":"plain","optional":true},"user_metadata":{"type":"string","description_kind":"plain","optional":true},"wait_time_minutes":{"type":"number","description_kind":"plain","deprecated":true,"optional":true}},"block_types":{"bulk_vms":{"nesting_mode":"set","block":{"attributes":{"domain":{"type":"string","description_kind":"plain","required":true},"hostname":{"type":"string","description_kind":"plain","required":true}},"description_kind":"plain"}},"timeouts":{"nesting_mode":"single","block":{"attributes":{"create":{"type":"string","description_kind":"plain","optional":true},"delete":{"type":"string","description_kind":"plain","optional":true},"update":{"type":"string","description_kind":"plain","optional":true}},"description_kind":"plain"}}},"description_kind":"plain"}},"ibm_container_addons":{"version":0,"block":{"attributes":{"cluster":{"type":"string","description":"Cluster Name or ID","description_kind":"plain","required":true},"id":{"type":"string","description_kind":"plain","optional":true,"computed":true},"resource_group_id":{"type":"string","description":"ID of the resource group.","description_kind":"plain","optional":true,"computed":true}},"block_types":{"addons":{"nesting_mode":"set","block":{"attributes":{"allowed_upgrade_versions":{"type":["list","string"],"description":"The versions that the addon can be upgraded to","description_kind":"plain","computed":true},"deprecated":{"type":"bool","description":"Determines if this addon version is deprecated","description_kind":"plain","computed":true},"health_state":{"type":"string","description":"The health state for this addon, a short indication (e.g. critical, pending)","description_kind":"plain","computed":true},"health_status":{"type":"string","description":"The health status for this addon, provides a description of the state (e.g. error message)","description_kind":"plain","computed":true},"min_kube_version":{"type":"string","description":"The minimum kubernetes version for this addon.","description_kind":"plain","computed":true},"min_ocp_version":{"type":"string","description":"The minimum OpenShift version for this addon.","description_kind":"plain","computed":true},"name":{"type":"string","description":"The addon name such as 'istio'.","description_kind":"plain","required":true},"supported_kube_range":{"type":"string","description":"The supported kubernetes version range for this addon.","description_kind":"plain","computed":true},"target_version":{"type":"string","description":"The addon target version.","description_kind":"plain","computed":true},"version":{"type":"string","description":"The addon version, omit the version if you wish to use the default version.","description_kind":"plain","optional":true,"computed":true},"vlan_spanning_required":{"type":"bool","description":"VLAN spanning required for multi-zone clusters","description_kind":"plain","computed":true}},"description_kind":"plain"},"min_items":1},"timeouts":{"nesting_mode":"single","block":{"attributes":{"create":{"type":"string","description_kind":"plain","optional":true},"update":{"type":"string","description_kind":"plain","optional":true}},"description_kind":"plain"}}},"description_kind":"plain"}},"ibm_container_alb":{"version":0,"block":{"attributes":{"alb_id":{"type":"string","description":"ALB ID","description_kind":"plain","required":true},"alb_type":{"type":"string","description":"ALB type","description_kind":"plain","computed":true},"cluster":{"type":"string","description":"Cluster id","description_kind":"plain","computed":true},"disable_deployment":{"type":"bool","description":"Set to true if ALB needs to be disabled","description_kind":"plain","optional":true,"computed":true},"enable":{"type":"bool","description":"set to true if ALB needs to be enabled","description_kind":"plain","optional":true,"computed":true},"id":{"type":"string","description_kind":"plain","optional":true,"computed":true},"name":{"type":"string","description":"ALB name","description_kind":"plain","computed":true},"region":{"type":"string","description_kind":"plain","deprecated":true,"optional":true},"user_ip":{"type":"string","description":"IP assigned by the user","description_kind":"plain","optional":true,"computed":true},"zone":{"type":"string","description":"ALB zone","description_kind":"plain","computed":true}},"block_types":{"timeouts":{"nesting_mode":"single","block":{"attributes":{"create":{"type":"string","description_kind":"plain","optional":true},"update":{"type":"string","description_kind":"plain","optional":true}},"description_kind":"plain"}}},"description_kind":"plain"}},"ibm_container_alb_cert":{"version":0,"block":{"attributes":{"cert_crn":{"type":"string","description":"Certificate CRN id","description_kind":"plain","required":true},"cloud_cert_instance_id":{"type":"string","description":"cloud cert instance ID","description_kind":"plain","computed":true},"cluster_id":{"type":"string","description":"Cluster ID","description_kind":"plain","required":true},"domain_name":{"type":"string","description":"Domain name","description_kind":"plain","computed":true},"expires_on":{"type":"string","description":"Certificate expaire on date","description_kind":"plain","computed":true},"id":{"type":"string","description_kind":"plain","optional":true,"computed":true},"issuer_name":{"type":"string","description":"certificate issuer name","description_kind":"plain","deprecated":true,"computed":true},"namespace":{"type":"string","description":"Namespace of the secret","description_kind":"plain","optional":true},"persistence":{"type":"bool","description":"Persistence of secret","description_kind":"plain","optional":true},"region":{"type":"string","description":"region name","description_kind":"plain","deprecated":true,"optional":true,"computed":true},"secret_name":{"type":"string","description":"Secret name","description_kind":"plain","required":true},"status":{"type":"string","description":"Secret Status","description_kind":"plain","computed":true}},"block_types":{"timeouts":{"nesting_mode":"single","block":{"attributes":{"create":{"type":"string","description_kind":"plain","optional":true},"delete":{"type":"string","description_kind":"plain","optional":true},"update":{"type":"string","description_kind":"plain","optional":true}},"description_kind":"plain"}}},"description_kind":"plain"}},"ibm_container_api_key_reset":{"version":0,"block":{"attributes":{"id":{"type":"string","description_kind":"plain","optional":true,"computed":true},"region":{"type":"string","description":"Region which api key has to be reset","description_kind":"plain","required":true},"reset_api_key":{"type":"number","description":"Determines if apikey has to be reset or not","description_kind":"plain","optional":true},"resource_group_id":{"type":"string","description":"ID of Resource Group","description_kind":"plain","optional":true}},"description_kind":"plain"}},"ibm_container_bind_service":{"version":0,"block":{"attributes":{"account_guid":{"type":"string","description":"The bluemix account guid this cluster belongs to","description_kind":"plain","deprecated":true,"optional":true},"cluster_name_id":{"type":"string","description":"Cluster name or ID","description_kind":"plain","required":true},"id":{"type":"string","description_kind":"plain","optional":true,"computed":true},"key":{"type":"string","description":"Key info","description_kind":"plain","optional":true},"namespace_id":{"type":"string","description":"namespace ID","description_kind":"plain","required":true},"org_guid":{"type":"string","description":"The bluemix organization guid this cluster belongs to","description_kind":"plain","deprecated":true,"optional":true},"region":{"type":"string","description":"The cluster region","description_kind":"plain","deprecated":true,"optional":true},"resource_group_id":{"type":"string","description":"ID of the resource group.","description_kind":"plain","optional":true},"role":{"type":"string","description":"Role info","description_kind":"plain","optional":true},"service_instance_id":{"type":"string","description":"Service instance ID","description_kind":"plain","optional":true,"computed":true},"service_instance_name":{"type":"string","description":"serivice instance name","description_kind":"plain","optional":true,"computed":true},"space_guid":{"type":"string","description":"The bluemix space guid this cluster belongs to","description_kind":"plain","deprecated":true,"optional":true},"tags":{"type":["set","string"],"description":"List of tags for the resource","description_kind":"plain","optional":true}},"description_kind":"plain"}},"ibm_container_cluster":{"version":0,"block":{"attributes":{"account_guid":{"type":"string","description":"The bluemix account guid this cluster belongs to","description_kind":"plain","deprecated":true,"optional":true},"albs":{"type":["list",["object",{"alb_ip":"string","alb_type":"string","disable_deployment":"bool","enable":"bool","id":"string","name":"string","num_of_instances":"string","resize":"bool","state":"string"}]],"description_kind":"plain","computed":true},"billing":{"type":"string","description_kind":"plain","deprecated":true,"optional":true},"crn":{"type":"string","description":"CRN of resource instance","description_kind":"plain","computed":true},"datacenter":{"type":"string","description":"The datacenter where this cluster will be deployed","description_kind":"plain","required":true},"default_pool_size":{"type":"number","description":"The size of the default worker pool","description_kind":"plain","optional":true},"disk_encryption":{"type":"bool","description":"disc encryption done, if set to true.","description_kind":"plain","optional":true},"entitlement":{"type":"string","description":"Entitlement option reduces additional OCP Licence cost in Openshift Clusters","description_kind":"plain","optional":true},"force_delete_storage":{"type":"bool","description":"Force the removal of a cluster and its persistent storage. Deleted data cannot be recovered","description_kind":"plain","optional":true},"gateway_enabled":{"type":"bool","description":"Set true for gateway enabled clusters","description_kind":"plain","optional":true},"hardware":{"type":"string","description":"Hardware type","description_kind":"plain","required":true},"id":{"type":"string","description_kind":"plain","optional":true,"computed":true},"ingress_hostname":{"type":"string","description_kind":"plain","computed":true},"ingress_secret":{"type":"string","description_kind":"plain","computed":true,"sensitive":true},"is_trusted":{"type":"bool","description_kind":"plain","deprecated":true,"optional":true},"kube_version":{"type":"string","description":"Kubernetes version info","description_kind":"plain","optional":true,"computed":true},"labels":{"type":["map","string"],"description":"list of labels to the default worker pool","description_kind":"plain","optional":true,"computed":true},"machine_type":{"type":"string","description":"Machine type","description_kind":"plain","optional":true},"name":{"type":"string","description":"The cluster name","description_kind":"plain","required":true},"no_subnet":{"type":"bool","description":"Boolean value set to true when subnet creation is not required.","description_kind":"plain","optional":true},"org_guid":{"type":"string","description":"The bluemix organization guid this cluster belongs to","description_kind":"plain","deprecated":true,"optional":true},"patch_version":{"type":"string","description":"Kubernetes patch version","description_kind":"plain","optional":true},"pod_subnet":{"type":"string","description":"Custom subnet CIDR to provide private IP addresses for pods","description_kind":"plain","optional":true,"computed":true},"private_service_endpoint":{"type":"bool","description_kind":"plain","optional":true,"computed":true},"private_service_endpoint_url":{"type":"string","description_kind":"plain","computed":true},"private_vlan_id":{"type":"string","description":"Private VLAN ID","description_kind":"plain","optional":true},"public_service_endpoint":{"type":"bool","description_kind":"plain","optional":true,"computed":true},"public_service_endpoint_url":{"type":"string","description_kind":"plain","computed":true},"public_vlan_id":{"type":"string","description":"Public VLAN ID","description_kind":"plain","optional":true},"region":{"type":"string","description":"The cluster region","description_kind":"plain","deprecated":true,"optional":true,"computed":true},"resource_controller_url":{"type":"string","description":"The URL of the IBM Cloud dashboard that can be used to explore and view details about this cluster","description_kind":"plain","computed":true},"resource_crn":{"type":"string","description":"The crn of the resource","description_kind":"plain","computed":true},"resource_group_id":{"type":"string","description":"ID of the resource group.","description_kind":"plain","optional":true,"computed":true},"resource_group_name":{"type":"string","description":"The resource group name in which resource is provisioned","description_kind":"plain","computed":true},"resource_name":{"type":"string","description":"The name of the resource","description_kind":"plain","computed":true},"resource_status":{"type":"string","description":"The status of the resource","description_kind":"plain","computed":true},"retry_patch_version":{"type":"number","description":"Argument which helps to retry the patch version updates on worker nodes. Increment the value to retry the patch updates if the previous apply fails","description_kind":"plain","optional":true},"server_url":{"type":"string","description_kind":"plain","computed":true},"service_subnet":{"type":"string","description":"Custom subnet CIDR to provide private IP addresses for services","description_kind":"plain","optional":true,"computed":true},"space_guid":{"type":"string","description":"The bluemix space guid this cluster belongs to","description_kind":"plain","deprecated":true,"optional":true},"subnet_id":{"type":["set","string"],"description":"List of subnet IDs","description_kind":"plain","optional":true},"tags":{"type":["set","string"],"description":"Tags for the resource","description_kind":"plain","optional":true,"computed":true},"update_all_workers":{"type":"bool","description":"Updates all the woker nodes if sets to true","description_kind":"plain","optional":true},"wait_for_worker_update":{"type":"bool","description":"Wait for worker node to update during kube version update.","description_kind":"plain","optional":true},"wait_till":{"type":"string","description":"wait_till can be configured for Master Ready, One worker Ready or Ingress Ready","description_kind":"plain","optional":true},"wait_time_minutes":{"type":"number","description_kind":"plain","deprecated":true,"optional":true},"worker_num":{"type":"number","description":"Number of worker nodes","description_kind":"plain","deprecated":true,"optional":true},"worker_pools":{"type":["list",["object",{"hardware":"string","id":"string","labels":["map","string"],"machine_type":"string","name":"string","size_per_zone":"number","state":"string","zones":["list",["object",{"private_vlan":"string","public_vlan":"string","worker_count":"number","zone":"string"}]]}]],"description_kind":"plain","computed":true}},"block_types":{"kms_config":{"nesting_mode":"list","block":{"attributes":{"crk_id":{"type":"string","description":"ID of the customer root key.","description_kind":"plain","required":true},"instance_id":{"type":"string","description":"ID of the KMS instance to use to encrypt the cluster.","description_kind":"plain","required":true},"private_endpoint":{"type":"bool","description":"Specify this option to use the KMS public service endpoint.","description_kind":"plain","optional":true}},"description":"Enables KMS on a given cluster ","description_kind":"plain"},"max_items":1},"timeouts":{"nesting_mode":"single","block":{"attributes":{"create":{"type":"string","description_kind":"plain","optional":true},"delete":{"type":"string","description_kind":"plain","optional":true},"update":{"type":"string","description_kind":"plain","optional":true}},"description_kind":"plain"}},"webhook":{"nesting_mode":"list","block":{"attributes":{"level":{"type":"string","description_kind":"plain","required":true},"type":{"type":"string","description_kind":"plain","required":true},"url":{"type":"string","description_kind":"plain","required":true}},"description_kind":"plain"}},"workers_info":{"nesting_mode":"list","block":{"attributes":{"id":{"type":"string","description_kind":"plain","optional":true,"computed":true},"pool_name":{"type":"string","description_kind":"plain","computed":true},"version":{"type":"string","description_kind":"plain","optional":true,"computed":true}},"description":"The IDs of the worker node","description_kind":"plain"}}},"description_kind":"plain"}},"ibm_container_cluster_feature":{"version":0,"block":{"attributes":{"cluster":{"type":"string","description":"Cluster name of ID","description_kind":"plain","required":true},"id":{"type":"string","description_kind":"plain","optional":true,"computed":true},"private_service_endpoint":{"type":"bool","description_kind":"plain","optional":true,"computed":true},"private_service_endpoint_url":{"type":"string","description_kind":"plain","computed":true},"public_service_endpoint":{"type":"bool","description_kind":"plain","optional":true,"computed":true},"public_service_endpoint_url":{"type":"string","description_kind":"plain","computed":true},"refresh_api_servers":{"type":"bool","description":"Boolean value true of API server to be refreshed in K8S cluster","description_kind":"plain","optional":true},"reload_workers":{"type":"bool","description":"Boolean value set true if worker nodes to be reloaded","description_kind":"plain","optional":true},"resource_group_id":{"type":"string","description":"ID of the resource group.","description_kind":"plain","optional":true,"computed":true}},"block_types":{"timeouts":{"nesting_mode":"single","block":{"attributes":{"create":{"type":"string","description_kind":"plain","optional":true},"update":{"type":"string","description_kind":"plain","optional":true}},"description_kind":"plain"}}},"description_kind":"plain"}},"ibm_container_vpc_alb":{"version":0,"block":{"attributes":{"alb_id":{"type":"string","description":"ALB ID","description_kind":"plain","required":true},"alb_type":{"type":"string","description":"Type of the ALB","description_kind":"plain","computed":true},"cluster":{"type":"string","description":"cluster id","description_kind":"plain","computed":true},"disable_deployment":{"type":"bool","description":"Disable the ALB instance in the cluster","description_kind":"plain","optional":true,"computed":true},"enable":{"type":"bool","description":"Enable the ALB instance in the cluster","description_kind":"plain","optional":true},"id":{"type":"string","description_kind":"plain","optional":true,"computed":true},"load_balancer_hostname":{"type":"string","description":"Load balancer host name","description_kind":"plain","computed":true},"name":{"type":"string","description":"ALB name","description_kind":"plain","computed":true},"resize":{"type":"bool","description":"boolean value to resize the albs","description_kind":"plain","computed":true},"state":{"type":"string","description":"ALB state","description_kind":"plain","computed":true},"status":{"type":"string","description":"Status of the ALB","description_kind":"plain","computed":true},"zone":{"type":"string","description":"Zone info.","description_kind":"plain","computed":true}},"block_types":{"timeouts":{"nesting_mode":"single","block":{"attributes":{"create":{"type":"string","description_kind":"plain","optional":true},"update":{"type":"string","description_kind":"plain","optional":true}},"description_kind":"plain"}}},"description_kind":"plain"}},"ibm_container_vpc_cluster":{"version":0,"block":{"attributes":{"albs":{"type":["list",["object",{"alb_type":"string","disable_deployment":"bool","enable":"bool","id":"string","load_balancer_hostname":"string","name":"string","resize":"bool","state":"string"}]],"description_kind":"plain","computed":true},"cos_instance_crn":{"type":"string","description":"A standard cloud object storage instance CRN to back up the internal registry in your OpenShift on VPC Gen 2 cluster","description_kind":"plain","optional":true},"crn":{"type":"string","description":"CRN of resource instance","description_kind":"plain","computed":true},"disable_public_service_endpoint":{"type":"bool","description":"Boolean value true if Public service endpoint to be disabled","description_kind":"plain","optional":true},"entitlement":{"type":"string","description":"Entitlement option reduces additional OCP Licence cost in Openshift Clusters","description_kind":"plain","optional":true},"flavor":{"type":"string","description":"Cluster nodes flavour","description_kind":"plain","required":true},"force_delete_storage":{"type":"bool","description":"Force the removal of a cluster and its persistent storage. Deleted data cannot be recovered","description_kind":"plain","optional":true},"id":{"type":"string","description_kind":"plain","optional":true,"computed":true},"ingress_hostname":{"type":"string","description_kind":"plain","computed":true},"ingress_secret":{"type":"string","description_kind":"plain","computed":true,"sensitive":true},"kube_version":{"type":"string","description":"Kubernetes version","description_kind":"plain","optional":true,"computed":true},"master_status":{"type":"string","description_kind":"plain","computed":true},"master_url":{"type":"string","description_kind":"plain","computed":true},"name":{"type":"string","description":"The cluster name","description_kind":"plain","required":true},"patch_version":{"type":"string","description":"Kubernetes patch version","description_kind":"plain","optional":true},"pod_subnet":{"type":"string","description":"Custom subnet CIDR to provide private IP addresses for pods","description_kind":"plain","optional":true,"computed":true},"private_service_endpoint_url":{"type":"string","description_kind":"plain","computed":true},"public_service_endpoint_url":{"type":"string","description_kind":"plain","computed":true},"resource_controller_url":{"type":"string","description":"The URL of the IBM Cloud dashboard that can be used to explore and view details about this cluster","description_kind":"plain","computed":true},"resource_crn":{"type":"string","description":"The crn of the resource","description_kind":"plain","computed":true},"resource_group_id":{"type":"string","description":"ID of the resource group.","description_kind":"plain","optional":true,"computed":true},"resource_group_name":{"type":"string","description":"The resource group name in which resource is provisioned","description_kind":"plain","computed":true},"resource_name":{"type":"string","description":"The name of the resource","description_kind":"plain","computed":true},"resource_status":{"type":"string","description":"The status of the resource","description_kind":"plain","computed":true},"retry_patch_version":{"type":"number","description":"Argument which helps to retry the patch version updates on worker nodes. Increment the value to retry the patch updates if the previous apply fails","description_kind":"plain","optional":true},"service_subnet":{"type":"string","description":"Custom subnet CIDR to provide private IP addresses for services","description_kind":"plain","optional":true,"computed":true},"state":{"type":"string","description_kind":"plain","computed":true},"tags":{"type":["set","string"],"description":"List of tags for the resources","description_kind":"plain","optional":true,"computed":true},"update_all_workers":{"type":"bool","description":"Updates all the woker nodes if sets to true","description_kind":"plain","optional":true},"vpc_id":{"type":"string","description":"The vpc id where the cluster is","description_kind":"plain","required":true},"wait_for_worker_update":{"type":"bool","description":"Wait for worker node to update during kube version update.","description_kind":"plain","optional":true},"wait_till":{"type":"string","description":"wait_till can be configured for Master Ready, One worker Ready or Ingress Ready","description_kind":"plain","optional":true},"worker_count":{"type":"number","description":"Number of worker nodes in the cluster","description_kind":"plain","optional":true},"worker_labels":{"type":["map","string"],"description":"Labels for default worker pool","description_kind":"plain","optional":true,"computed":true}},"block_types":{"kms_config":{"nesting_mode":"list","block":{"attributes":{"crk_id":{"type":"string","description":"ID of the customer root key.","description_kind":"plain","required":true},"instance_id":{"type":"string","description":"ID of the KMS instance to use to encrypt the cluster.","description_kind":"plain","required":true},"private_endpoint":{"type":"bool","description":"Specify this option to use the KMS public service endpoint.","description_kind":"plain","optional":true}},"description":"Enables KMS on a given cluster ","description_kind":"plain"},"max_items":1},"timeouts":{"nesting_mode":"single","block":{"attributes":{"create":{"type":"string","description_kind":"plain","optional":true},"delete":{"type":"string","description_kind":"plain","optional":true},"update":{"type":"string","description_kind":"plain","optional":true}},"description_kind":"plain"}},"zones":{"nesting_mode":"set","block":{"attributes":{"name":{"type":"string","description":"Zone for the worker pool in a multizone cluster","description_kind":"plain","required":true},"subnet_id":{"type":"string","description":"The VPC subnet to assign the cluster","description_kind":"plain","required":true}},"description":"Zone info","description_kind":"plain"},"min_items":1}},"description_kind":"plain"}},"ibm_container_vpc_worker_pool":{"version":0,"block":{"attributes":{"cluster":{"type":"string","description":"Cluster name","description_kind":"plain","required":true},"entitlement":{"type":"string","description":"Entitlement option reduces additional OCP Licence cost in Openshift Clusters","description_kind":"plain","optional":true},"flavor":{"type":"string","description":"cluster node falvor","description_kind":"plain","required":true},"id":{"type":"string","description_kind":"plain","optional":true,"computed":true},"labels":{"type":["map","string"],"description":"Labels","description_kind":"plain","optional":true,"computed":true},"resource_controller_url":{"type":"string","description":"Resource Controller URL","description_kind":"plain","computed":true},"resource_group_id":{"type":"string","description":"ID of the resource group.","description_kind":"plain","optional":true,"computed":true},"vpc_id":{"type":"string","description":"The vpc id where the cluster is","description_kind":"plain","required":true},"worker_count":{"type":"number","description":"The number of workers","description_kind":"plain","required":true},"worker_pool_name":{"type":"string","description":"worker pool name","description_kind":"plain","required":true}},"block_types":{"timeouts":{"nesting_mode":"single","block":{"attributes":{"create":{"type":"string","description_kind":"plain","optional":true},"delete":{"type":"string","description_kind":"plain","optional":true}},"description_kind":"plain"}},"zones":{"nesting_mode":"set","block":{"attributes":{"name":{"type":"string","description":"zone name","description_kind":"plain","required":true},"subnet_id":{"type":"string","description":"subnet ID","description_kind":"plain","required":true}},"description":"Zones info","description_kind":"plain"},"min_items":1}},"description_kind":"plain"}},"ibm_container_worker_pool":{"version":0,"block":{"attributes":{"cluster":{"type":"string","description":"Cluster name","description_kind":"plain","required":true},"disk_encryption":{"type":"bool","description":"worker node disk encrypted if set to true","description_kind":"plain","optional":true},"entitlement":{"type":"string","description":"Entitlement option reduces additional OCP Licence cost in Openshift Clusters","description_kind":"plain","optional":true},"hardware":{"type":"string","description":"Hardware type","description_kind":"plain","optional":true},"id":{"type":"string","description_kind":"plain","optional":true,"computed":true},"labels":{"type":["map","string"],"description":"list of labels to worker pool","description_kind":"plain","optional":true,"computed":true},"machine_type":{"type":"string","description":"worker nodes machine type","description_kind":"plain","required":true},"region":{"type":"string","description":"The worker pool region","description_kind":"plain","deprecated":true,"optional":true,"computed":true},"resource_controller_url":{"type":"string","description":"The URL of the IBM Cloud dashboard that can be used to explore and view details about this cluster","description_kind":"plain","computed":true},"resource_group_id":{"type":"string","description":"ID of the resource group.","description_kind":"plain","optional":true},"size_per_zone":{"type":"number","description":"Number of nodes per zone","description_kind":"plain","required":true},"state":{"type":"string","description":"worker pool state","description_kind":"plain","computed":true},"worker_pool_name":{"type":"string","description":"worker pool name","description_kind":"plain","required":true},"zones":{"type":["list",["object",{"private_vlan":"string","public_vlan":"string","worker_count":"number","zone":"string"}]],"description_kind":"plain","computed":true}},"block_types":{"timeouts":{"nesting_mode":"single","block":{"attributes":{"update":{"type":"string","description_kind":"plain","optional":true}},"description_kind":"plain"}}},"description_kind":"plain"}},"ibm_container_worker_pool_zone_attachment":{"version":0,"block":{"attributes":{"cluster":{"type":"string","description":"cluster name or ID","description_kind":"plain","required":true},"id":{"type":"string","description_kind":"plain","optional":true,"computed":true},"private_vlan_id":{"type":"string","description_kind":"plain","optional":true,"computed":true},"public_vlan_id":{"type":"string","description_kind":"plain","optional":true,"computed":true},"region":{"type":"string","description":"The zone region","description_kind":"plain","deprecated":true,"optional":true,"computed":true},"resource_group_id":{"type":"string","description":"ID of the resource group.","description_kind":"plain","optional":true},"wait_till_albs":{"type":"bool","description":"wait_till_albs can be configured to wait for albs during the worker pool zone attachment.","description_kind":"plain","optional":true},"worker_count":{"type":"number","description_kind":"plain","computed":true},"worker_pool":{"type":"string","description":"Workerpool name","description_kind":"plain","required":true},"zone":{"type":"string","description":"Zone name","description_kind":"plain","required":true}},"block_types":{"timeouts":{"nesting_mode":"single","block":{"attributes":{"create":{"type":"string","description_kind":"plain","optional":true},"delete":{"type":"string","description_kind":"plain","optional":true},"update":{"type":"string","description_kind":"plain","optional":true}},"description_kind":"plain"}}},"description_kind":"plain"}},"ibm_cos_bucket":{"version":0,"block":{"attributes":{"allowed_ip":{"type":["list","string"],"description":"List of IPv4 or IPv6 addresses ","description_kind":"plain","optional":true},"bucket_name":{"type":"string","description":"COS Bucket name","description_kind":"plain","required":true},"crn":{"type":"string","description":"CRN of resource instance","description_kind":"plain","computed":true},"cross_region_location":{"type":"string","description":"Cros region location info","description_kind":"plain","optional":true},"endpoint_type":{"type":"string","description":"public or private","description_kind":"plain","optional":true},"force_delete":{"type":"bool","description":"COS buckets need to be empty before they can be deleted. force_delete option empty the bucket and delete it.","description_kind":"plain","optional":true},"id":{"type":"string","description_kind":"plain","optional":true,"computed":true},"key_protect":{"type":"string","description":"CRN of the key you want to use data at rest encryption","description_kind":"plain","optional":true},"region_location":{"type":"string","description":"Region Location info.","description_kind":"plain","optional":true},"resource_instance_id":{"type":"string","description":"resource instance ID","description_kind":"plain","required":true},"s3_endpoint_private":{"type":"string","description":"Private endpoint for the COS bucket","description_kind":"plain","computed":true},"s3_endpoint_public":{"type":"string","description":"Public endpoint for the COS bucket","description_kind":"plain","computed":true},"single_site_location":{"type":"string","description":"single site location info","description_kind":"plain","optional":true},"storage_class":{"type":"string","description":"Storage class info","description_kind":"plain","required":true}},"block_types":{"activity_tracking":{"nesting_mode":"list","block":{"attributes":{"activity_tracker_crn":{"type":"string","description":"The instance of Activity Tracker that will receive object event data","description_kind":"plain","required":true},"read_data_events":{"type":"bool","description":"If set to true, all object read events will be sent to Activity Tracker.","description_kind":"plain","optional":true},"write_data_events":{"type":"bool","description":"If set to true, all object write events will be sent to Activity Tracker.","description_kind":"plain","optional":true}},"description":"Enables sending log data to Activity Tracker and LogDNA to provide visibility into object read and write events","description_kind":"plain"},"max_items":1},"archive_rule":{"nesting_mode":"list","block":{"attributes":{"days":{"type":"number","description":"Specifies the number of days when the specific rule action takes effect.","description_kind":"plain","required":true},"enable":{"type":"bool","description":"Enable or disable an archive rule for a bucket","description_kind":"plain","required":true},"rule_id":{"type":"string","description":"Unique identifier for the rule.Archive rules allow you to set a specific time frame after which objects transition to the archive. Set Rule ID for cos bucket","description_kind":"plain","optional":true,"computed":true},"type":{"type":"string","description":"Specifies the storage class/archive type to which you want the object to transition. It can be Glacier or Accelerated","description_kind":"plain","required":true}},"description":"Enable configuration archive_rule (glacier/accelerated) to COS Bucket after a defined period of time","description_kind":"plain"},"max_items":1},"expire_rule":{"nesting_mode":"list","block":{"attributes":{"days":{"type":"number","description":"Specifies the number of days when the specific rule action takes effect.","description_kind":"plain","required":true},"enable":{"type":"bool","description":"Enable or disable an expire rule for a bucket","description_kind":"plain","required":true},"prefix":{"type":"string","description":"The rule applies to any objects with keys that match this prefix","description_kind":"plain","optional":true,"computed":true},"rule_id":{"type":"string","description":"Unique identifier for the rule.Expire rules allow you to set a specific time frame after which objects are deleted. Set Rule ID for cos bucket","description_kind":"plain","optional":true,"computed":true}},"description":"Enable configuration expire_rule to COS Bucket after a defined period of time","description_kind":"plain"},"max_items":1000},"metrics_monitoring":{"nesting_mode":"list","block":{"attributes":{"metrics_monitoring_crn":{"type":"string","description":"Instance of IBM Cloud Monitoring that will receive the bucket metrics.","description_kind":"plain","required":true},"request_metrics_enabled":{"type":"bool","description":"Request metrics will be sent to the monitoring service.","description_kind":"plain","optional":true},"usage_metrics_enabled":{"type":"bool","description":"Usage metrics will be sent to the monitoring service.","description_kind":"plain","optional":true}},"description":"Enables sending metrics to IBM Cloud Monitoring.","description_kind":"plain"},"max_items":1},"object_versioning":{"nesting_mode":"list","block":{"attributes":{"enable":{"type":"bool","description":"Enable or suspend the versioning for objects in the bucket","description_kind":"plain","optional":true}},"description":"Protect objects from accidental deletion or overwrites. Versioning allows you to keep multiple versions of an object protecting from unintentional data loss.","description_kind":"plain"},"max_items":1},"retention_rule":{"nesting_mode":"list","block":{"attributes":{"default":{"type":"number","description":"If an object is stored in the bucket without specifying a custom retention period.","description_kind":"plain","required":true},"maximum":{"type":"number","description":"Maximum duration of time an object can be kept unmodified in the bucket.","description_kind":"plain","required":true},"minimum":{"type":"number","description":"Minimum duration of time an object must be kept unmodified in the bucket","description_kind":"plain","required":true},"permanent":{"type":"bool","description":"Enable or disable the permanent retention policy on the bucket","description_kind":"plain","optional":true}},"description":"A retention policy is enabled at the IBM Cloud Object Storage bucket level. Minimum, maximum and default retention period are defined by this policy and apply to all objects in the bucket.","description_kind":"plain"},"max_items":1},"timeouts":{"nesting_mode":"single","block":{"attributes":{"create":{"type":"string","description_kind":"plain","optional":true},"delete":{"type":"string","description_kind":"plain","optional":true},"update":{"type":"string","description_kind":"plain","optional":true}},"description_kind":"plain"}}},"description_kind":"plain"}},"ibm_cos_bucket_object":{"version":0,"block":{"attributes":{"body":{"type":"string","description":"COS object body","description_kind":"plain","computed":true},"bucket_crn":{"type":"string","description":"COS bucket CRN","description_kind":"plain","required":true},"bucket_location":{"type":"string","description":"COS bucket location","description_kind":"plain","required":true},"content":{"type":"string","description":"COS object content","description_kind":"plain","optional":true},"content_base64":{"type":"string","description":"COS object content in base64 encoding","description_kind":"plain","optional":true},"content_file":{"type":"string","description":"COS object content file path","description_kind":"plain","optional":true},"content_length":{"type":"number","description":"COS object content length","description_kind":"plain","computed":true},"content_type":{"type":"string","description":"COS object content type","description_kind":"plain","computed":true},"endpoint_type":{"type":"string","description":"COS endpoint type: public, private, direct","description_kind":"plain","optional":true},"etag":{"type":"string","description":"COS object MD5 hexdigest","description_kind":"plain","optional":true,"computed":true},"force_delete":{"type":"bool","description":"COS buckets need to be empty before they can be deleted. force_delete option empty the bucket and delete it.","description_kind":"plain","optional":true},"id":{"type":"string","description_kind":"plain","optional":true,"computed":true},"key":{"type":"string","description":"COS object key","description_kind":"plain","required":true},"last_modified":{"type":"string","description":"COS object last modified date","description_kind":"plain","computed":true},"version_id":{"type":"string","description_kind":"plain","computed":true}},"block_types":{"timeouts":{"nesting_mode":"single","block":{"attributes":{"create":{"type":"string","description_kind":"plain","optional":true},"delete":{"type":"string","description_kind":"plain","optional":true},"update":{"type":"string","description_kind":"plain","optional":true}},"description_kind":"plain"}}},"description_kind":"plain"}},"ibm_cr_namespace":{"version":0,"block":{"attributes":{"account":{"type":"string","description":"The IBM Cloud account that owns the namespace.","description_kind":"plain","computed":true},"created_date":{"type":"string","description":"When the namespace was created.","description_kind":"plain","computed":true},"created_on":{"type":"string","description":"When the namespace was created.","description_kind":"plain","deprecated":true,"computed":true},"crn":{"type":"string","description":"If the namespace has been assigned to a resource group, this is the IBM Cloud CRN representing the namespace.","description_kind":"plain","computed":true},"id":{"type":"string","description_kind":"plain","optional":true,"computed":true},"name":{"type":"string","description":"The name of the namespace.","description_kind":"plain","required":true},"resource_created_date":{"type":"string","description":"When the namespace was assigned to a resource group.","description_kind":"plain","computed":true},"resource_group_id":{"type":"string","description":"The ID of the resource group that the namespace will be created within.","description_kind":"plain","optional":true,"computed":true},"tags":{"type":["set","string"],"description":"List of tags","description_kind":"plain","optional":true},"updated_date":{"type":"string","description":"When the namespace was last updated.","description_kind":"plain","computed":true},"updated_on":{"type":"string","description":"When the namespace was last updated.","description_kind":"plain","deprecated":true,"computed":true}},"description_kind":"plain"}},"ibm_cr_retention_policy":{"version":0,"block":{"attributes":{"id":{"type":"string","description_kind":"plain","optional":true,"computed":true},"images_per_repo":{"type":"number","description":"Determines how many images will be retained for each repository when the retention policy is executed. The value -1 denotes 'Unlimited' (all images are retained).","description_kind":"plain","required":true},"namespace":{"type":"string","description":"The namespace to which the retention policy is attached.","description_kind":"plain","required":true},"retain_untagged":{"type":"bool","description":"Determines if untagged images are retained when executing the retention policy. This is false by default meaning untagged images will be deleted when the policy is executed.","description_kind":"plain","optional":true}},"description_kind":"plain"}},"ibm_database":{"version":0,"block":{"attributes":{"adminpassword":{"type":"string","description":"The admin user password for the instance","description_kind":"plain","optional":true,"sensitive":true},"adminuser":{"type":"string","description":"The admin user id for the instance","description_kind":"plain","computed":true},"backup_encryption_key_crn":{"type":"string","description":"The Backup Encryption Key CRN","description_kind":"plain","optional":true},"backup_id":{"type":"string","description":"The CRN of backup source database","description_kind":"plain","optional":true},"connectionstrings":{"type":["list",["object",{"certbase64":"string","certname":"string","composed":"string","database":"string","hosts":["list",["object",{"hostname":"string","port":"string"}]],"name":"string","password":"string","path":"string","queryoptions":"string","scheme":"string"}]],"description_kind":"plain","computed":true},"groups":{"type":["list",["object",{"count":"number","cpu":["list",["object",{"allocation_count":"number","can_scale_down":"bool","is_adjustable":"bool","minimum_count":"number","step_size_count":"number","units":"string"}]],"disk":["list",["object",{"allocation_mb":"number","can_scale_down":"bool","is_adjustable":"bool","minimum_mb":"number","step_size_mb":"number","units":"string"}]],"group_id":"string","memory":["list",["object",{"allocation_mb":"number","can_scale_down":"bool","is_adjustable":"bool","minimum_mb":"number","step_size_mb":"number","units":"string"}]]}]],"description_kind":"plain","computed":true},"guid":{"type":"string","description":"Unique identifier of resource instance","description_kind":"plain","computed":true},"id":{"type":"string","description_kind":"plain","optional":true,"computed":true},"key_protect_instance":{"type":"string","description":"The CRN of Key protect instance","description_kind":"plain","optional":true},"key_protect_key":{"type":"string","description":"The CRN of Key protect key","description_kind":"plain","optional":true},"location":{"type":"string","description":"The location or the region in which Database instance exists","description_kind":"plain","required":true},"members_cpu_allocation_count":{"type":"number","description":"CPU allocation required for cluster","description_kind":"plain","optional":true,"computed":true},"members_disk_allocation_mb":{"type":"number","description":"Disk allocation required for cluster","description_kind":"plain","optional":true,"computed":true},"members_memory_allocation_mb":{"type":"number","description":"Memory allocation required for cluster","description_kind":"plain","optional":true,"computed":true},"name":{"type":"string","description":"Resource instance name for example, my Database instance","description_kind":"plain","required":true},"node_count":{"type":"number","description":"Total number of nodes in the cluster","description_kind":"plain","optional":true,"computed":true},"node_cpu_allocation_count":{"type":"number","description":"CPU allocation per node","description_kind":"plain","optional":true,"computed":true},"node_disk_allocation_mb":{"type":"number","description":"Disk allocation per node","description_kind":"plain","optional":true,"computed":true},"node_memory_allocation_mb":{"type":"number","description":"Memory allocation per node","description_kind":"plain","optional":true,"computed":true},"plan":{"type":"string","description":"The plan type of the Database instance","description_kind":"plain","required":true},"plan_validation":{"type":"bool","description":"For elasticsearch and postgres perform database parameter validation during the plan phase. Otherwise, database parameter validation happens in apply phase.","description_kind":"plain","optional":true},"point_in_time_recovery_deployment_id":{"type":"string","description":"The CRN of source instance","description_kind":"plain","optional":true},"point_in_time_recovery_time":{"type":"string","description":"The point in time recovery time stamp of the deployed instance","description_kind":"plain","optional":true},"remote_leader_id":{"type":"string","description":"The CRN of leader database","description_kind":"plain","optional":true},"resource_controller_url":{"type":"string","description":"The URL of the IBM Cloud dashboard that can be used to explore and view details about the resource","description_kind":"plain","computed":true},"resource_crn":{"type":"string","description":"The crn of the resource","description_kind":"plain","computed":true},"resource_group_id":{"type":"string","description":"The id of the resource group in which the Database instance is present","description_kind":"plain","optional":true,"computed":true},"resource_group_name":{"type":"string","description":"The resource group name in which resource is provisioned","description_kind":"plain","computed":true},"resource_name":{"type":"string","description":"The name of the resource","description_kind":"plain","computed":true},"resource_status":{"type":"string","description":"The status of the resource","description_kind":"plain","computed":true},"service":{"type":"string","description":"The name of the Cloud Internet database service","description_kind":"plain","required":true},"service_endpoints":{"type":"string","description":"Types of the service endpoints. Possible values are 'public', 'private', 'public-and-private'.","description_kind":"plain","optional":true},"status":{"type":"string","description":"The resource instance status","description_kind":"plain","computed":true},"tags":{"type":["set","string"],"description_kind":"plain","optional":true,"computed":true},"version":{"type":"string","description":"The database version to provision if specified","description_kind":"plain","optional":true,"computed":true}},"block_types":{"auto_scaling":{"nesting_mode":"list","block":{"block_types":{"cpu":{"nesting_mode":"list","block":{"attributes":{"rate_increase_percent":{"type":"number","description":"Auto Scaling Rate: Increase Percent","description_kind":"plain","optional":true,"computed":true},"rate_limit_count_per_member":{"type":"number","description":"Auto Scaling Rate: Limit count per number","description_kind":"plain","optional":true,"computed":true},"rate_period_seconds":{"type":"number","description":"Auto Scaling Rate: Period Seconds","description_kind":"plain","optional":true,"computed":true},"rate_units":{"type":"string","description":"Auto Scaling Rate: Units ","description_kind":"plain","optional":true,"computed":true}},"description":"CPU Auto Scaling","description_kind":"plain"},"max_items":1},"disk":{"nesting_mode":"list","block":{"attributes":{"capacity_enabled":{"type":"bool","description":"Auto Scaling Scalar: Capacity Enabled","description_kind":"plain","optional":true,"computed":true},"free_space_less_than_percent":{"type":"number","description":"Auto Scaling Scalar: Capacity Free Space Less Than Percent","description_kind":"plain","optional":true,"computed":true},"io_above_percent":{"type":"number","description":"Auto Scaling Scalar: IO Utilization Above Percent","description_kind":"plain","optional":true,"computed":true},"io_enabled":{"type":"bool","description":"Auto Scaling Scalar: IO Utilization Enabled","description_kind":"plain","optional":true,"computed":true},"io_over_period":{"type":"string","description":"Auto Scaling Scalar: IO Utilization Over Period","description_kind":"plain","optional":true,"computed":true},"rate_increase_percent":{"type":"number","description":"Auto Scaling Rate: Increase Percent","description_kind":"plain","optional":true,"computed":true},"rate_limit_mb_per_member":{"type":"number","description":"Auto Scaling Rate: Limit mb per member","description_kind":"plain","optional":true,"computed":true},"rate_period_seconds":{"type":"number","description":"Auto Scaling Rate: Period Seconds","description_kind":"plain","optional":true,"computed":true},"rate_units":{"type":"string","description":"Auto Scaling Rate: Units ","description_kind":"plain","optional":true,"computed":true}},"description":"Disk Auto Scaling","description_kind":"plain"},"max_items":1},"memory":{"nesting_mode":"list","block":{"attributes":{"io_above_percent":{"type":"number","description":"Auto Scaling Scalar: IO Utilization Above Percent","description_kind":"plain","optional":true,"computed":true},"io_enabled":{"type":"bool","description":"Auto Scaling Scalar: IO Utilization Enabled","description_kind":"plain","optional":true,"computed":true},"io_over_period":{"type":"string","description":"Auto Scaling Scalar: IO Utilization Over Period","description_kind":"plain","optional":true,"computed":true},"rate_increase_percent":{"type":"number","description":"Auto Scaling Rate: Increase Percent","description_kind":"plain","optional":true,"computed":true},"rate_limit_mb_per_member":{"type":"number","description":"Auto Scaling Rate: Limit mb per member","description_kind":"plain","optional":true,"computed":true},"rate_period_seconds":{"type":"number","description":"Auto Scaling Rate: Period Seconds","description_kind":"plain","optional":true,"computed":true},"rate_units":{"type":"string","description":"Auto Scaling Rate: Units ","description_kind":"plain","optional":true,"computed":true}},"description":"Memory Auto Scaling","description_kind":"plain"},"max_items":1}},"description":"ICD Auto Scaling","description_kind":"plain"},"max_items":1},"timeouts":{"nesting_mode":"single","block":{"attributes":{"create":{"type":"string","description_kind":"plain","optional":true},"delete":{"type":"string","description_kind":"plain","optional":true},"update":{"type":"string","description_kind":"plain","optional":true}},"description_kind":"plain"}},"users":{"nesting_mode":"set","block":{"attributes":{"name":{"type":"string","description":"User name","description_kind":"plain","optional":true},"password":{"type":"string","description":"User password","description_kind":"plain","optional":true,"sensitive":true}},"description_kind":"plain"}},"whitelist":{"nesting_mode":"set","block":{"attributes":{"address":{"type":"string","description":"Whitelist IP address in CIDR notation","description_kind":"plain","optional":true},"description":{"type":"string","description":"Unique white list description","description_kind":"plain","optional":true}},"description_kind":"plain"}}},"description_kind":"plain"}},"ibm_dl_gateway":{"version":0,"block":{"attributes":{"bgp_asn":{"type":"number","description":"BGP ASN","description_kind":"plain","required":true},"bgp_base_cidr":{"type":"string","description":"BGP base CIDR","description_kind":"plain","optional":true},"bgp_cer_cidr":{"type":"string","description":"BGP customer edge router CIDR","description_kind":"plain","optional":true,"computed":true},"bgp_ibm_asn":{"type":"number","description":"IBM BGP ASN","description_kind":"plain","computed":true},"bgp_ibm_cidr":{"type":"string","description":"BGP IBM CIDR","description_kind":"plain","optional":true,"computed":true},"bgp_status":{"type":"string","description":"Gateway BGP status","description_kind":"plain","computed":true},"carrier_name":{"type":"string","description":"Carrier name","description_kind":"plain","optional":true},"change_request":{"type":"string","description":"Changes pending approval for provider managed Direct Link Connect gateways","description_kind":"plain","computed":true},"completion_notice_reject_reason":{"type":"string","description":"Reason for completion notice rejection","description_kind":"plain","computed":true},"created_at":{"type":"string","description":"The date and time resource was created","description_kind":"plain","computed":true},"crn":{"type":"string","description":"The CRN (Cloud Resource Name) of this gateway","description_kind":"plain","computed":true},"cross_connect_router":{"type":"string","description":"Cross connect router","description_kind":"plain","optional":true},"customer_name":{"type":"string","description":"Customer name","description_kind":"plain","optional":true},"global":{"type":"bool","description":"Gateways with global routing (true) can connect to networks outside their associated region","description_kind":"plain","required":true},"id":{"type":"string","description_kind":"plain","optional":true,"computed":true},"link_status":{"type":"string","description":"Gateway link status","description_kind":"plain","computed":true},"loa_reject_reason":{"type":"string","description":"Loa reject reason","description_kind":"plain","optional":true,"computed":true},"location_display_name":{"type":"string","description":"Gateway location long name","description_kind":"plain","computed":true},"location_name":{"type":"string","description":"Gateway location","description_kind":"plain","optional":true,"computed":true},"metered":{"type":"bool","description":"Metered billing option","description_kind":"plain","required":true},"name":{"type":"string","description":"The unique user-defined name for this gateway","description_kind":"plain","required":true},"operational_status":{"type":"string","description":"Gateway operational status","description_kind":"plain","computed":true},"port":{"type":"string","description":"Gateway port","description_kind":"plain","optional":true,"computed":true},"provider_api_managed":{"type":"bool","description":"Indicates whether gateway was created through a provider portal","description_kind":"plain","computed":true},"resource_controller_url":{"type":"string","description":"The URL of the IBM Cloud dashboard that can be used to explore and view details about this instance","description_kind":"plain","computed":true},"resource_crn":{"type":"string","description":"The crn of the resource","description_kind":"plain","computed":true},"resource_group":{"type":"string","description":"Gateway resource group","description_kind":"plain","optional":true,"computed":true},"resource_group_name":{"type":"string","description":"The resource group name in which resource is provisioned","description_kind":"plain","computed":true},"resource_name":{"type":"string","description":"The name of the resource","description_kind":"plain","computed":true},"resource_status":{"type":"string","description":"The status of the resource","description_kind":"plain","computed":true},"speed_mbps":{"type":"number","description":"Gateway speed in megabits per second","description_kind":"plain","required":true},"tags":{"type":["set","string"],"description":"Tags for the direct link gateway","description_kind":"plain","optional":true,"computed":true},"type":{"type":"string","description":"Gateway type","description_kind":"plain","required":true},"vlan":{"type":"number","description":"VLAN allocated for this gateway","description_kind":"plain","computed":true}},"block_types":{"macsec_config":{"nesting_mode":"list","block":{"attributes":{"active":{"type":"bool","description":"Indicate whether MACsec protection should be active (true) or inactive (false) for this MACsec enabled gateway","description_kind":"plain","required":true},"active_cak":{"type":"string","description":"Active connectivity association key.","description_kind":"plain","computed":true},"cipher_suite":{"type":"string","description":"SAK cipher suite","description_kind":"plain","computed":true},"confidentiality_offset":{"type":"number","description":"Confidentiality Offset","description_kind":"plain","computed":true},"cryptographic_algorithm":{"type":"string","description":"Cryptographic Algorithm","description_kind":"plain","computed":true},"fallback_cak":{"type":"string","description":"Fallback connectivity association key. Keys used for MACsec configuration must have names with an even number of characters from [0-9a-fA-F]","description_kind":"plain","optional":true},"key_server_priority":{"type":"number","description":"Key Server Priority","description_kind":"plain","computed":true},"primary_cak":{"type":"string","description":"Desired primary connectivity association key. Keys for a MACsec configuration must have names with an even number of characters from [0-9a-fA-F]","description_kind":"plain","required":true},"sak_expiry_time":{"type":"number","description":"Secure Association Key (SAK) expiry time in seconds","description_kind":"plain","computed":true},"security_policy":{"type":"string","description":"Packets without MACsec headers are not dropped when security_policy is should_secure.","description_kind":"plain","computed":true},"status":{"type":"string","description":"The current status of MACsec on the device for this gateway","description_kind":"plain","computed":true},"window_size":{"type":"number","description":"Replay protection window size","description_kind":"plain","optional":true}},"description":"MACsec configuration information","description_kind":"plain"},"max_items":1},"timeouts":{"nesting_mode":"single","block":{"attributes":{"create":{"type":"string","description_kind":"plain","optional":true},"delete":{"type":"string","description_kind":"plain","optional":true},"update":{"type":"string","description_kind":"plain","optional":true}},"description_kind":"plain"}}},"description_kind":"plain"}},"ibm_dl_provider_gateway":{"version":0,"block":{"attributes":{"bgp_asn":{"type":"number","description":"BGP ASN","description_kind":"plain","required":true},"bgp_cer_cidr":{"type":"string","description":"BGP customer edge router CIDR","description_kind":"plain","optional":true,"computed":true},"bgp_ibm_cidr":{"type":"string","description":"BGP IBM CIDR","description_kind":"plain","optional":true,"computed":true},"created_at":{"type":"string","description":"The date and time resource was created","description_kind":"plain","computed":true},"crn":{"type":"string","description":"The CRN (Cloud Resource Name) of this gateway","description_kind":"plain","computed":true},"customer_account_id":{"type":"string","description":"Customer IBM Cloud account ID for the new gateway. A gateway object containing the pending create request will become available in the specified account.","description_kind":"plain","required":true},"id":{"type":"string","description_kind":"plain","optional":true,"computed":true},"name":{"type":"string","description":"The unique user-defined name for this gateway","description_kind":"plain","required":true},"operational_status":{"type":"string","description":"Gateway operational status","description_kind":"plain","computed":true},"port":{"type":"string","description":"Gateway port","description_kind":"plain","required":true},"provider_api_managed":{"type":"bool","description":"Indicates whether gateway was created through a provider portal","description_kind":"plain","computed":true},"resource_controller_url":{"type":"string","description":"The URL of the IBM Cloud dashboard that can be used to explore and view details about this instance","description_kind":"plain","computed":true},"resource_crn":{"type":"string","description":"The crn of the resource","description_kind":"plain","computed":true},"resource_group_name":{"type":"string","description":"The resource group name in which resource is provisioned","description_kind":"plain","computed":true},"resource_name":{"type":"string","description":"The name of the resource","description_kind":"plain","computed":true},"resource_status":{"type":"string","description":"The status of the resource","description_kind":"plain","computed":true},"speed_mbps":{"type":"number","description":"Gateway speed in megabits per second","description_kind":"plain","required":true},"tags":{"type":["set","string"],"description":"Tags for the direct link gateway","description_kind":"plain","optional":true,"computed":true},"type":{"type":"string","description":"Gateway type","description_kind":"plain","computed":true},"vlan":{"type":"number","description":"VLAN allocated for this gateway","description_kind":"plain","computed":true}},"description_kind":"plain"}},"ibm_dl_virtual_connection":{"version":0,"block":{"attributes":{"created_at":{"type":"string","description":"The date and time resource was created","description_kind":"plain","computed":true},"gateway":{"type":"string","description":"The Direct Link gateway identifier","description_kind":"plain","required":true},"id":{"type":"string","description_kind":"plain","optional":true,"computed":true},"name":{"type":"string","description":"The user-defined name for this virtual connection. Virtualconnection names are unique within a gateway. This is the name of thevirtual connection itself, the network being connected may have its ownname attribute","description_kind":"plain","required":true},"network_account":{"type":"string","description":"For virtual connections across two different IBM Cloud Accounts network_account indicates the account that owns the target network.","description_kind":"plain","computed":true},"network_id":{"type":"string","description":"Unique identifier of the target network. For type=vpc virtual connections this is the CRN of the target VPC. This field does not apply to type=classic connections.","description_kind":"plain","optional":true,"computed":true},"related_crn":{"type":"string","description":"The crn of the Direct link gateway","description_kind":"plain","computed":true},"status":{"type":"string","description":"Status of the virtual connection.Possible values: [pending,attached,approval_pending,rejected,expired,deleting,detached_by_network_pending,detached_by_network]","description_kind":"plain","computed":true},"type":{"type":"string","description":"The type of virtual connection.Allowable values (classic,vpc)","description_kind":"plain","required":true},"virtual_connection_id":{"type":"string","description":"The Direct Gateway virtual connection identifier","description_kind":"plain","computed":true}},"block_types":{"timeouts":{"nesting_mode":"single","block":{"attributes":{"create":{"type":"string","description_kind":"plain","optional":true},"delete":{"type":"string","description_kind":"plain","optional":true},"update":{"type":"string","description_kind":"plain","optional":true}},"description_kind":"plain"}}},"description_kind":"plain"}},"ibm_dns_domain":{"version":0,"block":{"attributes":{"id":{"type":"string","description_kind":"plain","optional":true,"computed":true},"name":{"type":"string","description":"DNS name","description_kind":"plain","required":true},"serial":{"type":"string","description":"DNS serial info","description_kind":"plain","computed":true},"tags":{"type":["set","string"],"description":"tags associated with reosurce.","description_kind":"plain","optional":true},"target":{"type":"string","description":"DNS target info","description_kind":"plain","optional":true},"update_date":{"type":"string","description":"DNS update date","description_kind":"plain","computed":true}},"description_kind":"plain"}},"ibm_dns_domain_registration_nameservers":{"version":0,"block":{"attributes":{"dns_registration_id":{"type":"string","description":"DNS registration ID","description_kind":"plain","required":true},"id":{"type":"string","description_kind":"plain","optional":true,"computed":true},"name_servers":{"type":["set","string"],"description":"Custom name servers for the domain registration","description_kind":"plain","required":true},"original_name_servers":{"type":["set","string"],"description":"Save of name servers prior to update","description_kind":"plain","computed":true}},"description_kind":"plain"}},"ibm_dns_glb":{"version":0,"block":{"attributes":{"created_on":{"type":"string","description":"GLB Load Balancer creation date","description_kind":"plain","computed":true},"default_pools":{"type":["list","string"],"description":"A list of pool IDs ordered by their failover priority","description_kind":"plain","required":true},"description":{"type":"string","description":"Descriptive text of the load balancer","description_kind":"plain","optional":true},"enabled":{"type":"bool","description":"Whether the load balancer is enabled","description_kind":"plain","optional":true,"computed":true},"fallback_pool":{"type":"string","description":"The pool ID to use when all other pools are detected as unhealthy","description_kind":"plain","required":true},"glb_id":{"type":"string","description":"Load balancer Id","description_kind":"plain","computed":true},"health":{"type":"string","description":"Healthy state of the load balancer.","description_kind":"plain","computed":true},"id":{"type":"string","description_kind":"plain","optional":true,"computed":true},"instance_id":{"type":"string","description":"The GUID of the private DNS.","description_kind":"plain","required":true},"modified_on":{"type":"string","description":"GLB Load Balancer Modification date","description_kind":"plain","computed":true},"name":{"type":"string","description":"Name of the load balancer","description_kind":"plain","required":true},"ttl":{"type":"number","description":"Time to live in second","description_kind":"plain","optional":true},"zone_id":{"type":"string","description":"Zone Id","description_kind":"plain","required":true}},"block_types":{"az_pools":{"nesting_mode":"set","block":{"attributes":{"availability_zone":{"type":"string","description":"Availability zone.","description_kind":"plain","required":true},"pools":{"type":["list","string"],"description":"List of load balancer pools","description_kind":"plain","required":true}},"description":"Map availability zones to pool ID's.","description_kind":"plain"}},"timeouts":{"nesting_mode":"single","block":{"attributes":{"create":{"type":"string","description_kind":"plain","optional":true},"delete":{"type":"string","description_kind":"plain","optional":true},"update":{"type":"string","description_kind":"plain","optional":true}},"description_kind":"plain"}}},"description_kind":"plain"}},"ibm_dns_glb_monitor":{"version":0,"block":{"attributes":{"allow_insecure":{"type":"bool","description":"Do not validate the certificate when monitor use HTTPS. This parameter is currently only valid for HTTPS monitors.","description_kind":"plain","optional":true,"computed":true},"created_on":{"type":"string","description":"GLB Monitor creation date","description_kind":"plain","computed":true},"description":{"type":"string","description":"Descriptive text of the load balancer monitor","description_kind":"plain","optional":true},"expected_body":{"type":"string","description":"A case-insensitive sub-string to look for in the response body","description_kind":"plain","optional":true},"expected_codes":{"type":"string","description":"The expected HTTP response code or code range of the health check. This parameter is only valid for HTTP and HTTPS","description_kind":"plain","optional":true,"computed":true},"id":{"type":"string","description_kind":"plain","optional":true,"computed":true},"instance_id":{"type":"string","description":"Instance Id","description_kind":"plain","required":true},"interval":{"type":"number","description":"The interval between each health check","description_kind":"plain","optional":true},"method":{"type":"string","description":"The method to use for the health check","description_kind":"plain","optional":true,"computed":true},"modified_on":{"type":"string","description":"GLB Monitor Modification date","description_kind":"plain","computed":true},"monitor_id":{"type":"string","description":"Monitor Id","description_kind":"plain","computed":true},"name":{"type":"string","description":"The unique identifier of a service instance.","description_kind":"plain","required":true},"path":{"type":"string","description":"The endpoint path to health check against","description_kind":"plain","optional":true,"computed":true},"port":{"type":"number","description":"Port number to connect to for the health check","description_kind":"plain","optional":true,"computed":true},"retries":{"type":"number","description":"The number of retries to attempt in case of a timeout before marking the origin as unhealthy","description_kind":"plain","optional":true},"timeout":{"type":"number","description":"The timeout (in seconds) before marking the health check as failed","description_kind":"plain","optional":true},"type":{"type":"string","description":"The protocol to use for the health check","description_kind":"plain","optional":true}},"block_types":{"headers":{"nesting_mode":"set","block":{"attributes":{"name":{"type":"string","description":"The name of HTTP request header","description_kind":"plain","required":true},"value":{"type":["list","string"],"description":"The value of HTTP request header","description_kind":"plain","required":true}},"description":"The HTTP request headers to send in the health check","description_kind":"plain"}},"timeouts":{"nesting_mode":"single","block":{"attributes":{"create":{"type":"string","description_kind":"plain","optional":true},"delete":{"type":"string","description_kind":"plain","optional":true},"update":{"type":"string","description_kind":"plain","optional":true}},"description_kind":"plain"}}},"description_kind":"plain"}},"ibm_dns_glb_pool":{"version":0,"block":{"attributes":{"created_on":{"type":"string","description":"The time when a load balancer pool is created.","description_kind":"plain","computed":true},"description":{"type":"string","description":"Descriptive text of the load balancer pool","description_kind":"plain","optional":true},"enabled":{"type":"bool","description":"Whether the load balancer pool is enabled","description_kind":"plain","optional":true},"health":{"type":"string","description":"Whether the load balancer pool is enabled","description_kind":"plain","computed":true},"healthcheck_region":{"type":"string","description":"Health check region of VSIs","description_kind":"plain","optional":true},"healthcheck_subnets":{"type":["list","string"],"description":"Health check subnet crn of VSIs","description_kind":"plain","optional":true},"healthy_origins_threshold":{"type":"number","description":"The minimum number of origins that must be healthy for this pool to serve traffic","description_kind":"plain","optional":true},"id":{"type":"string","description_kind":"plain","optional":true,"computed":true},"instance_id":{"type":"string","description":"Instance Id","description_kind":"plain","required":true},"modified_on":{"type":"string","description":"The recent time when a load balancer pool is modified.","description_kind":"plain","computed":true},"monitor":{"type":"string","description":"The ID of the load balancer monitor to be associated to this pool","description_kind":"plain","optional":true},"name":{"type":"string","description":"The unique identifier of a service instance.","description_kind":"plain","required":true},"notification_channel":{"type":"string","description":"The notification channel,It is a webhook url","description_kind":"plain","optional":true},"pool_id":{"type":"string","description":"Pool Id","description_kind":"plain","computed":true}},"block_types":{"origins":{"nesting_mode":"set","block":{"attributes":{"address":{"type":"string","description":"The address of the origin server. It can be a hostname or an IP address.","description_kind":"plain","required":true},"description":{"type":"string","description":"Description of the origin server.","description_kind":"plain","optional":true},"enabled":{"type":"bool","description":"Whether the origin server is enabled.","description_kind":"plain","required":true},"health":{"type":"bool","description":"Whether the health is `true` or `false`.","description_kind":"plain","computed":true},"health_failure_reason":{"type":"string","description":"The Reason for health check failure","description_kind":"plain","computed":true},"name":{"type":"string","description":"The name of the origin server.","description_kind":"plain","required":true}},"description":"Origins info","description_kind":"plain"},"min_items":1},"timeouts":{"nesting_mode":"single","block":{"attributes":{"create":{"type":"string","description_kind":"plain","optional":true},"delete":{"type":"string","description_kind":"plain","optional":true},"update":{"type":"string","description_kind":"plain","optional":true}},"description_kind":"plain"}}},"description_kind":"plain"}},"ibm_dns_permitted_network":{"version":0,"block":{"attributes":{"created_on":{"type":"string","description":"Network creation date","description_kind":"plain","computed":true},"id":{"type":"string","description_kind":"plain","optional":true,"computed":true},"instance_id":{"type":"string","description":"Instance Id","description_kind":"plain","required":true},"modified_on":{"type":"string","description":"Network Modification date","description_kind":"plain","computed":true},"permitted_network_id":{"type":"string","description":"Network Id","description_kind":"plain","computed":true},"state":{"type":"string","description":"Network status","description_kind":"plain","computed":true},"type":{"type":"string","description":"Network Type","description_kind":"plain","optional":true},"vpc_crn":{"type":"string","description":"VPC CRN id","description_kind":"plain","required":true},"zone_id":{"type":"string","description":"Zone Id","description_kind":"plain","required":true}},"block_types":{"timeouts":{"nesting_mode":"single","block":{"attributes":{"create":{"type":"string","description_kind":"plain","optional":true},"delete":{"type":"string","description_kind":"plain","optional":true}},"description_kind":"plain"}}},"description_kind":"plain"}},"ibm_dns_record":{"version":0,"block":{"attributes":{"data":{"type":"string","description":"DNS record data","description_kind":"plain","required":true},"domain_id":{"type":"number","description":"Domain ID of dns record instance","description_kind":"plain","required":true},"expire":{"type":"number","description":"DNS record expiry info","description_kind":"plain","optional":true,"computed":true},"host":{"type":"string","description":"Hostname","description_kind":"plain","required":true},"id":{"type":"string","description_kind":"plain","optional":true,"computed":true},"minimum_ttl":{"type":"number","description":"Minimun TTL configuration","description_kind":"plain","optional":true,"computed":true},"mx_priority":{"type":"number","description":"Maximum priority","description_kind":"plain","optional":true},"port":{"type":"number","description":"port number","description_kind":"plain","optional":true},"priority":{"type":"number","description":"priority info","description_kind":"plain","optional":true},"protocol":{"type":"string","description":"protocol info","description_kind":"plain","optional":true},"refresh":{"type":"number","description":"refresh rate","description_kind":"plain","optional":true,"computed":true},"responsible_person":{"type":"string","description":"Responsible person for DNS record","description_kind":"plain","optional":true,"computed":true},"retry":{"type":"number","description":"Retry count","description_kind":"plain","optional":true,"computed":true},"service":{"type":"string","description":"service info","description_kind":"plain","optional":true},"tags":{"type":["set","string"],"description":"tags set for the resource","description_kind":"plain","optional":true},"ttl":{"type":"number","description":"TTL configuration","description_kind":"plain","optional":true},"type":{"type":"string","description":"DNS record type","description_kind":"plain","required":true},"weight":{"type":"number","description":"weight info","description_kind":"plain","optional":true}},"description_kind":"plain"}},"ibm_dns_resource_record":{"version":0,"block":{"attributes":{"created_on":{"type":"string","description":"Creation Data","description_kind":"plain","computed":true},"id":{"type":"string","description_kind":"plain","optional":true,"computed":true},"instance_id":{"type":"string","description":"Instance ID","description_kind":"plain","required":true},"modified_on":{"type":"string","description":"Modification date","description_kind":"plain","computed":true},"name":{"type":"string","description":"DNS record name","description_kind":"plain","required":true},"port":{"type":"number","description":"DNS server Port","description_kind":"plain","optional":true},"preference":{"type":"number","description":"DNS maximum preference","description_kind":"plain","optional":true},"priority":{"type":"number","description":"DNS server Priority","description_kind":"plain","optional":true},"protocol":{"type":"string","description":"Protocol","description_kind":"plain","optional":true},"rdata":{"type":"string","description":"DNS record Data","description_kind":"plain","required":true},"resource_record_id":{"type":"string","description":"Resource record ID","description_kind":"plain","computed":true},"service":{"type":"string","description":"Service info","description_kind":"plain","optional":true},"ttl":{"type":"number","description":"DNS record TTL","description_kind":"plain","optional":true},"type":{"type":"string","description":"DNS record Type","description_kind":"plain","required":true},"weight":{"type":"number","description":"DNS server weight","description_kind":"plain","optional":true},"zone_id":{"type":"string","description":"Zone ID","description_kind":"plain","required":true}},"block_types":{"timeouts":{"nesting_mode":"single","block":{"attributes":{"create":{"type":"string","description_kind":"plain","optional":true},"delete":{"type":"string","description_kind":"plain","optional":true},"update":{"type":"string","description_kind":"plain","optional":true}},"description_kind":"plain"}}},"description_kind":"plain"}},"ibm_dns_reverse_record":{"version":0,"block":{"attributes":{"hostname":{"type":"string","description":"Host name","description_kind":"plain","required":true},"id":{"type":"string","description_kind":"plain","optional":true,"computed":true},"ipaddress":{"type":"string","description":"IP Address","description_kind":"plain","required":true},"ttl":{"type":"number","description":"TTL value","description_kind":"plain","optional":true}},"description_kind":"plain"}},"ibm_dns_secondary":{"version":0,"block":{"attributes":{"id":{"type":"string","description_kind":"plain","optional":true,"computed":true},"master_ip_address":{"type":"string","description":"Master IP Address","description_kind":"plain","required":true},"status_id":{"type":"number","description":"Status ID","description_kind":"plain","computed":true},"status_text":{"type":"string","description":"Status text","description_kind":"plain","computed":true},"tags":{"type":["set","string"],"description":"List of tags","description_kind":"plain","optional":true},"transfer_frequency":{"type":"number","description":"Transfer frequency value","description_kind":"plain","required":true},"zone_name":{"type":"string","description":"Zone name","description_kind":"plain","required":true}},"description_kind":"plain"}},"ibm_dns_zone":{"version":0,"block":{"attributes":{"created_on":{"type":"string","description":"Creation date","description_kind":"plain","computed":true},"description":{"type":"string","description":"Zone description","description_kind":"plain","optional":true},"id":{"type":"string","description_kind":"plain","optional":true,"computed":true},"instance_id":{"type":"string","description":"Instance ID","description_kind":"plain","required":true},"label":{"type":"string","description":"Label","description_kind":"plain","optional":true},"modified_on":{"type":"string","description":"Modification date","description_kind":"plain","computed":true},"name":{"type":"string","description":"Zone name","description_kind":"plain","required":true},"state":{"type":"string","description":"Zone state","description_kind":"plain","computed":true},"zone_id":{"type":"string","description":"Zone ID","description_kind":"plain","computed":true}},"block_types":{"timeouts":{"nesting_mode":"single","block":{"attributes":{"create":{"type":"string","description_kind":"plain","optional":true},"delete":{"type":"string","description_kind":"plain","optional":true},"update":{"type":"string","description_kind":"plain","optional":true}},"description_kind":"plain"}}},"description_kind":"plain"}},"ibm_enterprise":{"version":0,"block":{"attributes":{"created_at":{"type":"string","description":"The time stamp at which the enterprise was created.","description_kind":"plain","computed":true},"created_by":{"type":"string","description":"The IAM ID of the user or service that created the enterprise.","description_kind":"plain","computed":true},"crn":{"type":"string","description":"The Cloud Resource Name (CRN) of the enterprise.","description_kind":"plain","computed":true},"domain":{"type":"string","description":"A domain or subdomain for the enterprise, such as `example.com` or `my.example.com`.","description_kind":"plain","optional":true},"enterprise_account_id":{"type":"string","description":"The enterprise account ID.","description_kind":"plain","computed":true},"id":{"type":"string","description_kind":"plain","optional":true,"computed":true},"name":{"type":"string","description":"The name of the enterprise. This field must have 3 - 60 characters.","description_kind":"plain","required":true},"primary_contact_email":{"type":"string","description":"The email of the primary contact of the enterprise.","description_kind":"plain","computed":true},"primary_contact_iam_id":{"type":"string","description":"The IAM ID of the enterprise primary contact, such as `IBMid-0123ABC`. The IAM ID must already exist.","description_kind":"plain","required":true},"source_account_id":{"type":"string","description":"The ID of the account that is used to create the enterprise.","description_kind":"plain","required":true},"state":{"type":"string","description":"The state of the enterprise.","description_kind":"plain","computed":true},"updated_at":{"type":"string","description":"The time stamp at which the enterprise was last updated.","description_kind":"plain","computed":true},"updated_by":{"type":"string","description":"The IAM ID of the user or service that updated the enterprise.","description_kind":"plain","computed":true},"url":{"type":"string","description":"The URL of the enterprise.","description_kind":"plain","computed":true}},"block_types":{"timeouts":{"nesting_mode":"single","block":{"attributes":{"create":{"type":"string","description_kind":"plain","optional":true},"delete":{"type":"string","description_kind":"plain","optional":true},"update":{"type":"string","description_kind":"plain","optional":true}},"description_kind":"plain"}}},"description_kind":"plain"}},"ibm_enterprise_account":{"version":0,"block":{"attributes":{"account_id":{"type":"string","description":"The source account id of account to be imported","description_kind":"plain","optional":true,"computed":true},"created_at":{"type":"string","description":"The time stamp at which the account was created.","description_kind":"plain","computed":true},"created_by":{"type":"string","description":"The IAM ID of the user or service that created the account.","description_kind":"plain","computed":true},"crn":{"type":"string","description":"The Cloud Resource Name (CRN) of the account.","description_kind":"plain","computed":true},"enterprise_account_id":{"type":"string","description":"The enterprise account ID.","description_kind":"plain","optional":true,"computed":true},"enterprise_id":{"type":"string","description":"The enterprise ID that the account is a part of.","description_kind":"plain","optional":true,"computed":true},"enterprise_path":{"type":"string","description":"The path from the enterprise to this particular account.","description_kind":"plain","computed":true},"id":{"type":"string","description_kind":"plain","optional":true,"computed":true},"is_enterprise_account":{"type":"bool","description":"The flag to indicate whether the account is an enterprise account or not.","description_kind":"plain","computed":true},"name":{"type":"string","description":"The name of the account. This field must have 3 - 60 characters.","description_kind":"plain","optional":true},"owner_email":{"type":"string","description":"The email address of the owner of the account.","description_kind":"plain","computed":true},"owner_iam_id":{"type":"string","description":"The IAM ID of the account owner, such as `IBMid-0123ABC`. The IAM ID must already exist.","description_kind":"plain","optional":true},"paid":{"type":"bool","description":"The type of account - whether it is free or paid.","description_kind":"plain","computed":true},"parent":{"type":"string","description":"The CRN of the parent under which the account will be created. The parent can be an existing account group or the enterprise itself.","description_kind":"plain","required":true},"state":{"type":"string","description":"The state of the account.","description_kind":"plain","computed":true},"updated_at":{"type":"string","description":"The time stamp at which the account was last updated.","description_kind":"plain","computed":true},"updated_by":{"type":"string","description":"The IAM ID of the user or service that updated the account.","description_kind":"plain","computed":true},"url":{"type":"string","description":"The URL of the account.","description_kind":"plain","computed":true}},"block_types":{"timeouts":{"nesting_mode":"single","block":{"attributes":{"create":{"type":"string","description_kind":"plain","optional":true},"delete":{"type":"string","description_kind":"plain","optional":true},"update":{"type":"string","description_kind":"plain","optional":true}},"description_kind":"plain"}}},"description_kind":"plain"}},"ibm_enterprise_account_group":{"version":0,"block":{"attributes":{"created_at":{"type":"string","description":"The time stamp at which the account group was created.","description_kind":"plain","computed":true},"created_by":{"type":"string","description":"The IAM ID of the user or service that created the account group.","description_kind":"plain","computed":true},"crn":{"type":"string","description":"The Cloud Resource Name (CRN) of the account group.","description_kind":"plain","computed":true},"enterprise_account_id":{"type":"string","description":"The enterprise account ID.","description_kind":"plain","computed":true},"enterprise_id":{"type":"string","description":"The enterprise ID that the account group is a part of.","description_kind":"plain","computed":true},"enterprise_path":{"type":"string","description":"The path from the enterprise to this particular account group.","description_kind":"plain","computed":true},"id":{"type":"string","description_kind":"plain","optional":true,"computed":true},"name":{"type":"string","description":"The name of the account group. This field must have 3 - 60 characters.","description_kind":"plain","required":true},"parent":{"type":"string","description":"The CRN of the parent under which the account group will be created. The parent can be an existing account group or the enterprise itself.","description_kind":"plain","required":true},"primary_contact_email":{"type":"string","description":"The email address of the primary contact of the account group.","description_kind":"plain","computed":true},"primary_contact_iam_id":{"type":"string","description":"The IAM ID of the primary contact for this account group, such as `IBMid-0123ABC`. The IAM ID must already exist.","description_kind":"plain","required":true},"state":{"type":"string","description":"The state of the account group.","description_kind":"plain","computed":true},"updated_at":{"type":"string","description":"The time stamp at which the account group was last updated.","description_kind":"plain","computed":true},"updated_by":{"type":"string","description":"The IAM ID of the user or service that updated the account group.","description_kind":"plain","computed":true},"url":{"type":"string","description":"The URL of the account group.","description_kind":"plain","computed":true}},"block_types":{"timeouts":{"nesting_mode":"single","block":{"attributes":{"create":{"type":"string","description_kind":"plain","optional":true},"delete":{"type":"string","description_kind":"plain","optional":true},"update":{"type":"string","description_kind":"plain","optional":true}},"description_kind":"plain"}}},"description_kind":"plain"}},"ibm_event_streams_topic":{"version":0,"block":{"attributes":{"config":{"type":["map","string"],"description":"The configuration parameters of a topic","description_kind":"plain","optional":true},"id":{"type":"string","description_kind":"plain","optional":true,"computed":true},"kafka_brokers_sasl":{"type":["list","string"],"description":"Kafka brokers addresses for interacting with Kafka native API","description_kind":"plain","computed":true},"kafka_http_url":{"type":"string","description":"API endpoint for interacting with Event Streams REST API","description_kind":"plain","computed":true},"name":{"type":"string","description":"The name of the topic","description_kind":"plain","required":true},"partitions":{"type":"number","description":"The number of partitions","description_kind":"plain","optional":true},"resource_instance_id":{"type":"string","description":"The CRN of the Event Streams instance","description_kind":"plain","required":true}},"description_kind":"plain"}},"ibm_firewall":{"version":0,"block":{"attributes":{"firewall_type":{"type":"string","description":"Firewall type","description_kind":"plain","optional":true},"ha_enabled":{"type":"bool","description":"set to true if High availability is enabled","description_kind":"plain","optional":true},"id":{"type":"string","description_kind":"plain","optional":true,"computed":true},"location":{"type":"string","description":"Location info","description_kind":"plain","computed":true},"password":{"type":"string","description":"Password for the given User","description_kind":"plain","computed":true},"primary_ip":{"type":"string","description":"Primary IP address","description_kind":"plain","computed":true},"public_vlan_id":{"type":"number","description":"Public VLAN ID","description_kind":"plain","required":true},"tags":{"type":["set","string"],"description":"List of tags for the firewall","description_kind":"plain","optional":true},"username":{"type":"string","description":"User name","description_kind":"plain","computed":true}},"description_kind":"plain"}},"ibm_firewall_policy":{"version":0,"block":{"attributes":{"firewall_id":{"type":"number","description":"Firewall ID","description_kind":"plain","required":true},"id":{"type":"string","description_kind":"plain","optional":true,"computed":true},"tags":{"type":["set","string"],"description":"List of tags","description_kind":"plain","optional":true}},"block_types":{"rules":{"nesting_mode":"list","block":{"attributes":{"action":{"type":"string","description_kind":"plain","required":true},"dst_ip_address":{"type":"string","description_kind":"plain","required":true},"dst_ip_cidr":{"type":"number","description_kind":"plain","required":true},"dst_port_range_end":{"type":"number","description_kind":"plain","optional":true},"dst_port_range_start":{"type":"number","description_kind":"plain","optional":true},"notes":{"type":"string","description_kind":"plain","optional":true},"protocol":{"type":"string","description_kind":"plain","required":true},"src_ip_address":{"type":"string","description_kind":"plain","required":true},"src_ip_cidr":{"type":"number","description_kind":"plain","required":true}},"description":"Policy rules info","description_kind":"plain"},"min_items":1}},"description_kind":"plain"}},"ibm_function_action":{"version":0,"block":{"attributes":{"action_id":{"type":"string","description_kind":"plain","computed":true},"annotations":{"type":"string","description":"All annotations set on action by user and those set by the IBM Cloud Function backend/API.","description_kind":"plain","computed":true},"id":{"type":"string","description_kind":"plain","optional":true,"computed":true},"name":{"type":"string","description":"Name of action.","description_kind":"plain","required":true},"namespace":{"type":"string","description":"IBM Cloud function namespace.","description_kind":"plain","required":true},"parameters":{"type":"string","description":"All paramters set on action by user and those set by the IBM Cloud Function backend/API.","description_kind":"plain","computed":true},"publish":{"type":"bool","description":"Action visibilty.","description_kind":"plain","optional":true},"target_endpoint_url":{"type":"string","description":"Action target endpoint URL.","description_kind":"plain","computed":true},"user_defined_annotations":{"type":"string","description":"Annotation values in KEY VALUE format.","description_kind":"plain","optional":true},"user_defined_parameters":{"type":"string","description":"Parameters values in KEY VALUE format. Parameter bindings included in the context passed to the action.","description_kind":"plain","optional":true},"version":{"type":"string","description":"Semantic version of the item.","description_kind":"plain","computed":true}},"block_types":{"exec":{"nesting_mode":"list","block":{"attributes":{"code":{"type":"string","description":"The code to execute.","description_kind":"plain","optional":true,"computed":true},"code_path":{"type":"string","description":"The file path of code to execute.","description_kind":"plain","optional":true},"components":{"type":["list","string"],"description":"The List of fully qualified action.","description_kind":"plain","optional":true},"image":{"type":"string","description":"Container image name when kind is 'blackbox'.","description_kind":"plain","optional":true},"init":{"type":"string","description":"Optional zipfile reference.","description_kind":"plain","optional":true},"kind":{"type":"string","description":"The type of action. Possible values can be found here (https://cloud.ibm.com/docs/openwhisk?topic=cloud-functions-runtimes)","description_kind":"plain","required":true},"main":{"type":"string","description":"The name of the action entry point (function or fully-qualified method name when applicable).","description_kind":"plain","optional":true}},"description":"Execution info","description_kind":"plain"},"min_items":1,"max_items":1},"limits":{"nesting_mode":"list","block":{"attributes":{"log_size":{"type":"number","description":"The maximum log size LIMIT in MB for the action.","description_kind":"plain","optional":true},"memory":{"type":"number","description":"The maximum memory LIMIT in MB for the action (default 256.","description_kind":"plain","optional":true},"timeout":{"type":"number","description":"The timeout LIMIT in milliseconds after which the action is terminated.","description_kind":"plain","optional":true}},"description_kind":"plain"},"max_items":1}},"description_kind":"plain"}},"ibm_function_namespace":{"version":0,"block":{"attributes":{"description":{"type":"string","description":"Namespace Description.","description_kind":"plain","optional":true},"id":{"type":"string","description_kind":"plain","optional":true,"computed":true},"location":{"type":"string","description":"Namespace Location.","description_kind":"plain","computed":true},"name":{"type":"string","description":"Name of namespace.","description_kind":"plain","required":true},"resource_group_id":{"type":"string","description":"Resource Group ID.","description_kind":"plain","required":true}},"description_kind":"plain"}},"ibm_function_package":{"version":0,"block":{"attributes":{"annotations":{"type":"string","description":"All annotations set on package by user and those set by the IBM Cloud Function backend/API.","description_kind":"plain","computed":true},"bind_package_name":{"type":"string","description":"Name of package to be binded.","description_kind":"plain","optional":true},"id":{"type":"string","description_kind":"plain","optional":true,"computed":true},"name":{"type":"string","description":"Name of package.","description_kind":"plain","required":true},"namespace":{"type":"string","description":"IBM Cloud function namespace.","description_kind":"plain","required":true},"package_id":{"type":"string","description_kind":"plain","computed":true},"parameters":{"type":"string","description":"All parameters set on package by user and those set by the IBM Cloud Function backend/API.","description_kind":"plain","computed":true},"publish":{"type":"bool","description":"Package visibilty.","description_kind":"plain","optional":true},"user_defined_annotations":{"type":"string","description":"Annotation values in KEY VALUE format.","description_kind":"plain","optional":true},"user_defined_parameters":{"type":"string","description":"Parameters values in KEY VALUE format. Parameter bindings included in the context passed to the package.","description_kind":"plain","optional":true},"version":{"type":"string","description":"Semantic version of the item.","description_kind":"plain","computed":true}},"description_kind":"plain"}},"ibm_function_rule":{"version":0,"block":{"attributes":{"action_name":{"type":"string","description":"Name of action.","description_kind":"plain","required":true},"id":{"type":"string","description_kind":"plain","optional":true,"computed":true},"name":{"type":"string","description":"Name of rule.","description_kind":"plain","required":true},"namespace":{"type":"string","description":"IBM Cloud function namespace.","description_kind":"plain","required":true},"publish":{"type":"bool","description":"Rule visbility.","description_kind":"plain","computed":true},"rule_id":{"type":"string","description_kind":"plain","computed":true},"status":{"type":"string","description":"Status of the rule.","description_kind":"plain","computed":true},"trigger_name":{"type":"string","description":"Name of trigger.","description_kind":"plain","required":true},"version":{"type":"string","description":"Semantic version of the item.","description_kind":"plain","computed":true}},"description_kind":"plain"}},"ibm_function_trigger":{"version":0,"block":{"attributes":{"annotations":{"type":"string","description":"All annotations set on trigger by user and those set by the IBM Cloud Function backend/API.","description_kind":"plain","computed":true},"id":{"type":"string","description_kind":"plain","optional":true,"computed":true},"name":{"type":"string","description":"Name of Trigger.","description_kind":"plain","required":true},"namespace":{"type":"string","description":"IBM Cloud function namespace.","description_kind":"plain","required":true},"parameters":{"type":"string","description":"All parameters set on trigger by user and those set by the IBM Cloud Function backend/API.","description_kind":"plain","computed":true},"publish":{"type":"bool","description":"Trigger visbility.","description_kind":"plain","computed":true},"trigger_id":{"type":"string","description_kind":"plain","computed":true},"user_defined_annotations":{"type":"string","description":"Annotation values in KEY VALUE format.","description_kind":"plain","optional":true},"user_defined_parameters":{"type":"string","description":"Parameters values in KEY VALUE format. Parameter bindings included in the context passed to the trigger.","description_kind":"plain","optional":true},"version":{"type":"string","description":"Semantic version of the item.","description_kind":"plain","computed":true}},"block_types":{"feed":{"nesting_mode":"list","block":{"attributes":{"name":{"type":"string","description":"Trigger feed ACTION_NAME.","description_kind":"plain","required":true},"parameters":{"type":"string","description":"Parameters values in KEY VALUE format. Parameter bindings included in the context passed to the action invoke.","description_kind":"plain","optional":true}},"description":"Trigger feed","description_kind":"plain"},"max_items":1}},"description_kind":"plain"}},"ibm_hardware_firewall_shared":{"version":0,"block":{"attributes":{"billing_item_id":{"type":"number","description":"Billing Item ID","description_kind":"plain","computed":true},"firewall_type":{"type":"string","description":"Firewall type","description_kind":"plain","required":true},"hardware_instance_id":{"type":"number","description":"Hardware instance ID","description_kind":"plain","optional":true},"id":{"type":"string","description_kind":"plain","optional":true,"computed":true},"virtual_instance_id":{"type":"number","description":"Virtual instance ID","description_kind":"plain","optional":true}},"block_types":{"timeouts":{"nesting_mode":"single","block":{"attributes":{"create":{"type":"string","description_kind":"plain","optional":true},"delete":{"type":"string","description_kind":"plain","optional":true}},"description_kind":"plain"}}},"description_kind":"plain"}},"ibm_iam_access_group":{"version":0,"block":{"attributes":{"description":{"type":"string","description":"Description of the access group","description_kind":"plain","optional":true},"id":{"type":"string","description_kind":"plain","optional":true,"computed":true},"name":{"type":"string","description":"Name of the access group","description_kind":"plain","required":true},"tags":{"type":["set","string"],"description_kind":"plain","optional":true},"version":{"type":"string","description_kind":"plain","computed":true}},"description_kind":"plain"}},"ibm_iam_access_group_dynamic_rule":{"version":0,"block":{"attributes":{"access_group_id":{"type":"string","description":"Unique identifier of the access group","description_kind":"plain","required":true},"expiration":{"type":"number","description":"The expiration in hours","description_kind":"plain","required":true},"id":{"type":"string","description_kind":"plain","optional":true,"computed":true},"identity_provider":{"type":"string","description":"The realm name or identity proivider url","description_kind":"plain","required":true},"name":{"type":"string","description":"The name of the Rule","description_kind":"plain","required":true},"rule_id":{"type":"string","description":"id of the rule","description_kind":"plain","computed":true}},"block_types":{"conditions":{"nesting_mode":"list","block":{"attributes":{"claim":{"type":"string","description_kind":"plain","required":true},"operator":{"type":"string","description_kind":"plain","required":true},"value":{"type":"string","description_kind":"plain","required":true}},"description":"conditions info","description_kind":"plain"},"min_items":1}},"description_kind":"plain"}},"ibm_iam_access_group_members":{"version":0,"block":{"attributes":{"access_group_id":{"type":"string","description":"Unique identifier of the access group","description_kind":"plain","required":true},"iam_service_ids":{"type":["set","string"],"description_kind":"plain","optional":true},"ibm_ids":{"type":["set","string"],"description_kind":"plain","optional":true},"id":{"type":"string","description_kind":"plain","optional":true,"computed":true},"members":{"type":["list",["object",{"iam_id":"string","type":"string"}]],"description_kind":"plain","computed":true}},"description_kind":"plain"}},"ibm_iam_access_group_policy":{"version":0,"block":{"attributes":{"access_group_id":{"type":"string","description":"ID of access group","description_kind":"plain","required":true},"account_management":{"type":"bool","description":"Give access to all account management services","description_kind":"plain","optional":true},"id":{"type":"string","description_kind":"plain","optional":true,"computed":true},"roles":{"type":["list","string"],"description":"Role names of the policy definition","description_kind":"plain","required":true},"tags":{"type":["set","string"],"description_kind":"plain","optional":true},"version":{"type":"string","description_kind":"plain","computed":true}},"block_types":{"resource_attributes":{"nesting_mode":"set","block":{"attributes":{"name":{"type":"string","description":"Name of attribute.","description_kind":"plain","required":true},"operator":{"type":"string","description":"Operator of attribute.","description_kind":"plain","optional":true},"value":{"type":"string","description":"Value of attribute.","description_kind":"plain","required":true}},"description":"Set resource attributes.","description_kind":"plain"}},"resources":{"nesting_mode":"list","block":{"attributes":{"attributes":{"type":["map","string"],"description":"Set resource attributes in the form of 'name=value,name=value....","description_kind":"plain","optional":true},"region":{"type":"string","description":"Region of the policy definition","description_kind":"plain","optional":true},"resource":{"type":"string","description":"Resource of the policy definition","description_kind":"plain","optional":true},"resource_group_id":{"type":"string","description":"ID of the resource group.","description_kind":"plain","optional":true},"resource_instance_id":{"type":"string","description":"ID of resource instance of the policy definition","description_kind":"plain","optional":true},"resource_type":{"type":"string","description":"Resource type of the policy definition","description_kind":"plain","optional":true},"service":{"type":"string","description":"Service name of the policy definition","description_kind":"plain","optional":true}},"description_kind":"plain"},"max_items":1}},"description_kind":"plain"}},"ibm_iam_account_settings":{"version":0,"block":{"attributes":{"allowed_ip_addresses":{"type":"string","description":"Defines the IP addresses and subnets from which IAM tokens can be created for the account.","description_kind":"plain","optional":true,"computed":true},"entity_tag":{"type":"string","description":"Version of the account settings.","description_kind":"plain","optional":true,"computed":true},"history":{"type":["list",["object",{"action":"string","iam_id":"string","iam_id_account":"string","message":"string","params":["list","string"],"timestamp":"string"}]],"description":"History of the Account Settings.","description_kind":"plain","computed":true},"id":{"type":"string","description_kind":"plain","optional":true,"computed":true},"if_match":{"type":"string","description":"Version of the account settings to be updated. Specify the version that you retrieved as entity_tag (ETag header) when reading the account. This value helps identifying parallel usage of this API. Pass * to indicate to update any version available. This might result in stale updates.","description_kind":"plain","optional":true},"include_history":{"type":"bool","description":"Defines if the entity history is included in the response.","description_kind":"plain","optional":true},"max_sessions_per_identity":{"type":"string","description":"Defines the max allowed sessions per identity required by the account. Value values: * Any whole number greater than '0'   * NOT_SET - To unset account setting and use service default.","description_kind":"plain","optional":true,"computed":true},"mfa":{"type":"string","description":"Defines the MFA trait for the account. Valid values:  * NONE - No MFA trait set  * TOTP - For all non-federated IBMId users  * TOTP4ALL - For all users  * LEVEL1 - Email-based MFA for all users  * LEVEL2 - TOTP-based MFA for all users  * LEVEL3 - U2F MFA for all users.","description_kind":"plain","optional":true,"computed":true},"restrict_create_platform_apikey":{"type":"string","description":"Defines whether or not creating platform API keys is access controlled. Valid values:  * RESTRICTED - to apply access control  * NOT_RESTRICTED - to remove access control  * NOT_SET - to 'unset' a previous set value.","description_kind":"plain","optional":true,"computed":true},"restrict_create_service_id":{"type":"string","description":"Defines whether or not creating a Service Id is access controlled. Valid values:  * RESTRICTED - to apply access control  * NOT_RESTRICTED - to remove access control  * NOT_SET - to 'unset' a previous set value.","description_kind":"plain","optional":true,"computed":true},"session_expiration_in_seconds":{"type":"string","description":"Defines the session expiration in seconds for the account. Valid values:  * Any whole number between between '900' and '86400'  * NOT_SET - To unset account setting and use service default.","description_kind":"plain","optional":true,"computed":true},"session_invalidation_in_seconds":{"type":"string","description":"Defines the period of time in seconds in which a session will be invalidated due  to inactivity. Valid values:   * Any whole number between '900' and '7200'   * NOT_SET - To unset account setting and use service default.","description_kind":"plain","optional":true,"computed":true}},"description_kind":"plain"}},"ibm_iam_api_key":{"version":0,"block":{"attributes":{"account_id":{"type":"string","description":"The account ID of the API key.","description_kind":"plain","computed":true},"apikey":{"type":"string","description":"You can optionally passthrough the API key value for this API key. If passed, NO validation of that apiKey value is done, i.e. the value can be non-URL safe. If omitted, the API key management will create an URL safe opaque API key value. The value of the API key is checked for uniqueness. Please ensure enough variations when passing in this value.","description_kind":"plain","optional":true,"computed":true,"sensitive":true},"apikey_id":{"type":"string","description":"Unique identifier of this API Key.","description_kind":"plain","computed":true},"created_at":{"type":"string","description":"If set contains a date time string of the creation date in ISO format.","description_kind":"plain","computed":true},"created_by":{"type":"string","description":"IAM ID of the user or service which created the API key.","description_kind":"plain","computed":true},"crn":{"type":"string","description":"Cloud Resource Name of the item. Example Cloud Resource Name: 'crn:v1:bluemix:public:iam-identity:us-south:a/myaccount::apikey:1234-9012-5678'.","description_kind":"plain","computed":true},"description":{"type":"string","description":"The optional description of the API key. The 'description' property is only available if a description was provided during a create of an API key.","description_kind":"plain","optional":true},"entity_lock":{"type":"string","description":"Indicates if the API key is locked for further write operations. False by default.","description_kind":"plain","optional":true},"entity_tag":{"type":"string","description":"Version of the API Key details object. You need to specify this value when updating the API key to avoid stale updates.","description_kind":"plain","computed":true},"iam_id":{"type":"string","description":"The iam_id that this API key authenticates.","description_kind":"plain","computed":true},"id":{"type":"string","description_kind":"plain","optional":true,"computed":true},"locked":{"type":"bool","description":"The API key cannot be changed if set to true.","description_kind":"plain","computed":true},"modified_at":{"type":"string","description":"If set contains a date time string of the last modification date in ISO format.","description_kind":"plain","computed":true},"name":{"type":"string","description":"Name of the API key. The name is not checked for uniqueness. Therefore multiple names with the same value can exist. Access is done via the UUID of the API key.","description_kind":"plain","required":true},"store_value":{"type":"bool","description":"Send true or false to set whether the API key value is retrievable in the future by using the Get details of an API key request. If you create an API key for a user, you must specify `false` or omit the value. We don't allow storing of API keys for users.","description_kind":"plain","optional":true}},"description_kind":"plain"}},"ibm_iam_authorization_policy":{"version":0,"block":{"attributes":{"id":{"type":"string","description_kind":"plain","optional":true,"computed":true},"roles":{"type":["list","string"],"description":"Role names of the policy definition","description_kind":"plain","required":true},"source_resource_group_id":{"type":"string","description":"The source resource group Id","description_kind":"plain","optional":true},"source_resource_instance_id":{"type":"string","description":"The source resource instance Id","description_kind":"plain","optional":true},"source_resource_type":{"type":"string","description":"Resource type of source service","description_kind":"plain","optional":true},"source_service_account":{"type":"string","description":"Account GUID of source service","description_kind":"plain","optional":true,"computed":true},"source_service_name":{"type":"string","description":"The source service name","description_kind":"plain","required":true},"target_resource_group_id":{"type":"string","description":"The target resource group Id","description_kind":"plain","optional":true},"target_resource_instance_id":{"type":"string","description":"The target resource instance Id","description_kind":"plain","optional":true},"target_resource_type":{"type":"string","description":"Resource type of target service","description_kind":"plain","optional":true},"target_service_name":{"type":"string","description":"The target service name","description_kind":"plain","required":true},"version":{"type":"string","description_kind":"plain","computed":true}},"description_kind":"plain"}},"ibm_iam_authorization_policy_detach":{"version":0,"block":{"attributes":{"authorization_policy_id":{"type":"string","description":"Authorization policy ID","description_kind":"plain","required":true},"id":{"type":"string","description_kind":"plain","optional":true,"computed":true}},"description_kind":"plain"}},"ibm_iam_custom_role":{"version":0,"block":{"attributes":{"actions":{"type":["list","string"],"description":"The actions of the role","description_kind":"plain","required":true},"crn":{"type":"string","description":"crn of the Custom Role","description_kind":"plain","computed":true},"description":{"type":"string","description":"The description of the role","description_kind":"plain","optional":true},"display_name":{"type":"string","description":"Display Name of the Custom Role","description_kind":"plain","required":true},"id":{"type":"string","description_kind":"plain","optional":true,"computed":true},"name":{"type":"string","description":"The name of the custom Role","description_kind":"plain","required":true},"resource_controller_url":{"type":"string","description":"The URL of the IBM Cloud dashboard that can be used to explore and view details about the resource","description_kind":"plain","computed":true},"resource_crn":{"type":"string","description":"The crn of the resource","description_kind":"plain","computed":true},"resource_name":{"type":"string","description":"The name of the resource","description_kind":"plain","computed":true},"service":{"type":"string","description":"The Service Name","description_kind":"plain","required":true}},"description_kind":"plain"}},"ibm_iam_service_api_key":{"version":0,"block":{"attributes":{"account_id":{"type":"string","description":"The account ID of the API key","description_kind":"plain","computed":true},"apikey":{"type":"string","description":"API key value for this API key","description_kind":"plain","optional":true,"computed":true,"sensitive":true},"created_at":{"type":"string","description":"The date and time Service API Key was created","description_kind":"plain","computed":true},"created_by":{"type":"string","description":"IAM ID of the service which created the API key","description_kind":"plain","computed":true},"crn":{"type":"string","description":"crn of the Service API Key","description_kind":"plain","computed":true},"description":{"type":"string","description":" description of the API key","description_kind":"plain","optional":true,"computed":true},"entity_tag":{"type":"string","description":"Version of the API Key details object","description_kind":"plain","computed":true},"file":{"type":"string","description":"File where api key is to be stored","description_kind":"plain","optional":true},"iam_service_id":{"type":"string","description":"The service iam_id that this API key authenticates","description_kind":"plain","required":true},"id":{"type":"string","description_kind":"plain","optional":true,"computed":true},"locked":{"type":"bool","description":"The API key cannot be changed if set to true","description_kind":"plain","optional":true},"modified_at":{"type":"string","description":"The date and time Service API Key was modified","description_kind":"plain","computed":true},"name":{"type":"string","description":"Name of the Service API key","description_kind":"plain","required":true},"store_value":{"type":"bool","description":"Boolean value deciding whether API key value is retrievable in the future","description_kind":"plain","optional":true}},"description_kind":"plain"}},"ibm_iam_service_id":{"version":0,"block":{"attributes":{"crn":{"type":"string","description":"crn of the serviceID","description_kind":"plain","computed":true},"description":{"type":"string","description":"Description of the serviceID","description_kind":"plain","optional":true},"iam_id":{"type":"string","description":"The IAM ID of the serviceID","description_kind":"plain","computed":true},"id":{"type":"string","description_kind":"plain","optional":true,"computed":true},"name":{"type":"string","description":"Name of the serviceID","description_kind":"plain","required":true},"tags":{"type":["set","string"],"description_kind":"plain","optional":true},"version":{"type":"string","description":"version of the serviceID","description_kind":"plain","computed":true}},"description_kind":"plain"}},"ibm_iam_service_policy":{"version":0,"block":{"attributes":{"account_management":{"type":"bool","description":"Give access to all account management services","description_kind":"plain","optional":true},"iam_id":{"type":"string","description":"IAM ID of ServiceID","description_kind":"plain","optional":true},"iam_service_id":{"type":"string","description":"UUID of ServiceID","description_kind":"plain","optional":true},"id":{"type":"string","description_kind":"plain","optional":true,"computed":true},"roles":{"type":["list","string"],"description":"Role names of the policy definition","description_kind":"plain","required":true},"tags":{"type":["set","string"],"description_kind":"plain","optional":true}},"block_types":{"resource_attributes":{"nesting_mode":"set","block":{"attributes":{"name":{"type":"string","description":"Name of attribute.","description_kind":"plain","required":true},"operator":{"type":"string","description":"Operator of attribute.","description_kind":"plain","optional":true},"value":{"type":"string","description":"Value of attribute.","description_kind":"plain","required":true}},"description":"Set resource attributes.","description_kind":"plain"}},"resources":{"nesting_mode":"list","block":{"attributes":{"attributes":{"type":["map","string"],"description":"Set resource attributes in the form of 'name=value,name=value....","description_kind":"plain","optional":true},"region":{"type":"string","description":"Region of the policy definition","description_kind":"plain","optional":true},"resource":{"type":"string","description":"Resource of the policy definition","description_kind":"plain","optional":true},"resource_group_id":{"type":"string","description":"ID of the resource group.","description_kind":"plain","optional":true},"resource_instance_id":{"type":"string","description":"ID of resource instance of the policy definition","description_kind":"plain","optional":true},"resource_type":{"type":"string","description":"Resource type of the policy definition","description_kind":"plain","optional":true},"service":{"type":"string","description":"Service name of the policy definition","description_kind":"plain","optional":true}},"description_kind":"plain"},"max_items":1}},"description_kind":"plain"}},"ibm_iam_user_invite":{"version":0,"block":{"attributes":{"access_groups":{"type":["list","string"],"description":"access group ids to associate the inviting user","description_kind":"plain","optional":true},"id":{"type":"string","description_kind":"plain","optional":true,"computed":true},"invited_users":{"type":["list",["object",{"access_groups":["list",["object",{"name":"string","policies":["list",["object",{"id":"string","resources":["list",["object",{"attributes":["map","string"],"region":"string","resource":"string","resource_group_id":"string","resource_instance_id":"string","resource_type":"string","service":"string"}]],"roles":["list","string"]}]]}]],"user_id":"string","user_policies":["list",["object",{"id":"string","resources":["list",["object",{"attributes":["map","string"],"region":"string","resource":"string","resource_group_id":"string","resource_instance_id":"string","resource_type":"string","service":"string"}]],"roles":["list","string"]}]]}]],"description_kind":"plain","computed":true},"number_of_invited_users":{"type":"number","description":"Number of users invited to an account","description_kind":"plain","computed":true},"users":{"type":["set","string"],"description":"List of ibm id or email of user","description_kind":"plain","required":true}},"block_types":{"classic_infra_roles":{"nesting_mode":"list","block":{"attributes":{"permission_set":{"type":"string","description":"permission set for claasic infrastructure","description_kind":"plain","optional":true},"permissions":{"type":["list","string"],"description":"List of permissions for claasic infrastructure","description_kind":"plain","optional":true}},"description_kind":"plain"}},"cloud_foundry_roles":{"nesting_mode":"list","block":{"attributes":{"org_roles":{"type":["list","string"],"description":"roles to be assigned to user in given space","description_kind":"plain","required":true},"organization_guid":{"type":"string","description":"GUID of Organization","description_kind":"plain","required":true}},"block_types":{"spaces":{"nesting_mode":"list","block":{"attributes":{"space_guid":{"type":"string","description":"GUID of space","description_kind":"plain","required":true},"space_roles":{"type":["list","string"],"description":"roles to be assigned to user in given space","description_kind":"plain","required":true}},"description_kind":"plain"}}},"description_kind":"plain"}},"iam_policy":{"nesting_mode":"list","block":{"attributes":{"account_management":{"type":"bool","description":"Give access to all account management services","description_kind":"plain","optional":true},"roles":{"type":["list","string"],"description":"Role names of the policy definition","description_kind":"plain","required":true}},"block_types":{"resources":{"nesting_mode":"list","block":{"attributes":{"attributes":{"type":["map","string"],"description":"Set resource attributes in the form of 'name=value,name=value....","description_kind":"plain","optional":true},"region":{"type":"string","description":"Region of the policy definition","description_kind":"plain","optional":true},"resource":{"type":"string","description":"Resource of the policy definition","description_kind":"plain","optional":true},"resource_group_id":{"type":"string","description":"ID of the resource group.","description_kind":"plain","optional":true},"resource_instance_id":{"type":"string","description":"ID of resource instance of the policy definition","description_kind":"plain","optional":true},"resource_type":{"type":"string","description":"Resource type of the policy definition","description_kind":"plain","optional":true},"service":{"type":"string","description":"Service name of the policy definition","description_kind":"plain","optional":true}},"description_kind":"plain"}}},"description_kind":"plain"}}},"description_kind":"plain"}},"ibm_iam_user_policy":{"version":0,"block":{"attributes":{"account_management":{"type":"bool","description":"Give access to all account management services","description_kind":"plain","optional":true},"ibm_id":{"type":"string","description":"The ibm id or email of user","description_kind":"plain","required":true},"id":{"type":"string","description_kind":"plain","optional":true,"computed":true},"roles":{"type":["list","string"],"description":"Role names of the policy definition","description_kind":"plain","required":true},"tags":{"type":["set","string"],"description_kind":"plain","optional":true}},"block_types":{"resource_attributes":{"nesting_mode":"set","block":{"attributes":{"name":{"type":"string","description":"Name of attribute.","description_kind":"plain","required":true},"operator":{"type":"string","description":"Operator of attribute.","description_kind":"plain","optional":true},"value":{"type":"string","description":"Value of attribute.","description_kind":"plain","required":true}},"description":"Set resource attributes.","description_kind":"plain"}},"resources":{"nesting_mode":"list","block":{"attributes":{"attributes":{"type":["map","string"],"description":"Set resource attributes in the form of 'name=value,name=value....","description_kind":"plain","optional":true},"region":{"type":"string","description":"Region of the policy definition","description_kind":"plain","optional":true},"resource":{"type":"string","description":"Resource of the policy definition","description_kind":"plain","optional":true},"resource_group_id":{"type":"string","description":"ID of the resource group.","description_kind":"plain","optional":true},"resource_instance_id":{"type":"string","description":"ID of resource instance of the policy definition","description_kind":"plain","optional":true},"resource_type":{"type":"string","description":"Resource type of the policy definition","description_kind":"plain","optional":true},"service":{"type":"string","description":"Service name of the policy definition","description_kind":"plain","optional":true}},"description_kind":"plain"},"max_items":1}},"description_kind":"plain"}},"ibm_iam_user_settings":{"version":0,"block":{"attributes":{"allowed_ip_addresses":{"type":["list","string"],"description":"List of allowed IPv4 or IPv6 addresses ","description_kind":"plain","optional":true},"iam_id":{"type":"string","description":"User's IAM ID or or email of user","description_kind":"plain","required":true},"id":{"type":"string","description_kind":"plain","optional":true,"computed":true}},"description_kind":"plain"}},"ibm_ipsec_vpn":{"version":0,"block":{"attributes":{"customer_peer_ip":{"type":"string","description":"Customer Peer IP Address","description_kind":"plain","optional":true},"datacenter":{"type":"string","description":"Datacenter name","description_kind":"plain","required":true},"id":{"type":"string","description_kind":"plain","optional":true,"computed":true},"internal_peer_ip_address":{"type":"string","description_kind":"plain","computed":true},"internal_subnet_id":{"type":"number","description":"Internal subnet ID value","description_kind":"plain","optional":true},"name":{"type":"string","description_kind":"plain","computed":true},"preshared_key":{"type":"string","description":"Preshared Key data","description_kind":"plain","optional":true},"remote_subnet_id":{"type":"number","description":"Remote subnet ID value","description_kind":"plain","optional":true},"service_subnet_id":{"type":"number","description":"Service subnet ID value","description_kind":"plain","optional":true}},"block_types":{"address_translation":{"nesting_mode":"list","block":{"attributes":{"internal_ip_adress":{"type":"string","description_kind":"plain","required":true},"notes":{"type":"string","description_kind":"plain","optional":true},"remote_ip_adress":{"type":"string","description_kind":"plain","required":true}},"description_kind":"plain"},"max_items":1},"phase_one":{"nesting_mode":"list","block":{"attributes":{"authentication":{"type":"string","description_kind":"plain","optional":true},"diffie_hellman_group":{"type":"number","description_kind":"plain","optional":true},"encryption":{"type":"string","description_kind":"plain","optional":true},"keylife":{"type":"number","description_kind":"plain","optional":true}},"description_kind":"plain"},"max_items":1},"phase_two":{"nesting_mode":"list","block":{"attributes":{"authentication":{"type":"string","description_kind":"plain","optional":true},"diffie_hellman_group":{"type":"number","description_kind":"plain","optional":true},"encryption":{"type":"string","description_kind":"plain","optional":true},"keylife":{"type":"number","description_kind":"plain","optional":true}},"description_kind":"plain"},"max_items":1},"remote_subnet":{"nesting_mode":"list","block":{"attributes":{"account_id":{"type":"number","description_kind":"plain","optional":true},"remote_ip_adress":{"type":"string","description_kind":"plain","required":true},"remote_ip_cidr":{"type":"string","description_kind":"plain","required":true}},"description_kind":"plain"},"max_items":1}},"description_kind":"plain"}},"ibm_is_dedicated_host":{"version":0,"block":{"attributes":{"available_memory":{"type":"number","description":"The amount of memory in gibibytes that is currently available for instances.","description_kind":"plain","computed":true},"available_vcpu":{"type":["list",["object",{"architecture":"string","count":"number"}]],"description":"The available VCPU for the dedicated host.","description_kind":"plain","computed":true},"created_at":{"type":"string","description":"The date and time that the dedicated host was created.","description_kind":"plain","computed":true},"crn":{"type":"string","description":"The CRN for this dedicated host.","description_kind":"plain","computed":true},"disks":{"type":["list",["object",{"available":"number","created_at":"string","href":"string","id":"string","instance_disks":["list",["object",{"deleted":["list",["object",{"more_info":"string"}]],"href":"string","id":"string","name":"string","resource_type":"string"}]],"interface_type":"string","lifecycle_state":"string","name":"string","provisionable":"bool","resource_type":"string","size":"number","supported_instance_interface_types":["list","string"]}]],"description":"Collection of the dedicated host's disks.","description_kind":"plain","computed":true},"host_group":{"type":"string","description":"The unique identifier of the dedicated host group for this dedicated host.","description_kind":"plain","required":true},"href":{"type":"string","description":"The URL for this dedicated host.","description_kind":"plain","computed":true},"id":{"type":"string","description_kind":"plain","optional":true,"computed":true},"instance_placement_enabled":{"type":"bool","description":"If set to true, instances can be placed on this dedicated host.","description_kind":"plain","optional":true},"instances":{"type":["list",["object",{"crn":"string","deleted":["list",["object",{"more_info":"string"}]],"href":"string","id":"string","name":"string"}]],"description":"Array of instances that are allocated to this dedicated host.","description_kind":"plain","computed":true},"lifecycle_state":{"type":"string","description":"The lifecycle state of the dedicated host resource.","description_kind":"plain","computed":true},"memory":{"type":"number","description":"The total amount of memory in gibibytes for this host.","description_kind":"plain","computed":true},"name":{"type":"string","description":"The unique user-defined name for this dedicated host. If unspecified, the name will be a hyphenated list of randomly-selected words.","description_kind":"plain","optional":true,"computed":true},"profile":{"type":"string","description":"The Globally unique name of the dedicated host profile to use for this dedicated host.","description_kind":"plain","required":true},"provisionable":{"type":"bool","description":"Indicates whether this dedicated host is available for instance creation.","description_kind":"plain","computed":true},"resource_group":{"type":"string","description":"The unique identifier for the resource group to use. If unspecified, the account's [default resourcegroup](https://cloud.ibm.com/apidocs/resource-manager#introduction) is used.","description_kind":"plain","optional":true,"computed":true},"resource_type":{"type":"string","description":"The type of resource referenced.","description_kind":"plain","computed":true},"socket_count":{"type":"number","description":"The total number of sockets for this host.","description_kind":"plain","computed":true},"state":{"type":"string","description":"The administrative state of the dedicated host.The enumerated values for this property are expected to expand in the future. When processing this property, check for and log unknown values. Optionally halt processing and surface the error, or bypass the dedicated host on which the unexpected property value was encountered.","description_kind":"plain","computed":true},"supported_instance_profiles":{"type":["list",["object",{"href":"string","name":"string"}]],"description":"Array of instance profiles that can be used by instances placed on this dedicated host.","description_kind":"plain","computed":true},"vcpu":{"type":["list",["object",{"architecture":"string","count":"number"}]],"description":"The total VCPU of the dedicated host.","description_kind":"plain","computed":true},"zone":{"type":"string","description":"The globally unique name of the zone this dedicated host resides in.","description_kind":"plain","computed":true}},"description_kind":"plain"}},"ibm_is_dedicated_host_disk_management":{"version":0,"block":{"attributes":{"dedicated_host":{"type":"string","description":"ID of the dedicated host for which disks has to be managed","description_kind":"plain","required":true},"id":{"type":"string","description_kind":"plain","optional":true,"computed":true}},"block_types":{"disks":{"nesting_mode":"list","block":{"attributes":{"id":{"type":"string","description":"The unique identifier for this disk.","description_kind":"plain","required":true},"name":{"type":"string","description":"The user-defined name for this disk. The disk will be updated with this new name","description_kind":"plain","required":true}},"description":"Disk information that has to be updated.","description_kind":"plain"},"min_items":1}},"description_kind":"plain"}},"ibm_is_dedicated_host_group":{"version":0,"block":{"attributes":{"class":{"type":"string","description":"The dedicated host profile class for hosts in this group.","description_kind":"plain","required":true},"created_at":{"type":"string","description":"The date and time that the dedicated host group was created.","description_kind":"plain","computed":true},"crn":{"type":"string","description":"The CRN for this dedicated host group.","description_kind":"plain","computed":true},"dedicated_hosts":{"type":["list",["object",{"crn":"string","deleted":["list",["object",{"more_info":"string"}]],"href":"string","id":"string","name":"string","resource_type":"string"}]],"description":"The dedicated hosts that are in this dedicated host group.","description_kind":"plain","computed":true},"family":{"type":"string","description":"The dedicated host profile family for hosts in this group.","description_kind":"plain","required":true},"href":{"type":"string","description":"The URL for this dedicated host group.","description_kind":"plain","computed":true},"id":{"type":"string","description_kind":"plain","optional":true,"computed":true},"name":{"type":"string","description":"The unique user-defined name for this dedicated host group. If unspecified, the name will be a hyphenated list of randomly-selected words.","description_kind":"plain","optional":true,"computed":true},"resource_group":{"type":"string","description":"The unique identifier of the resource group to use. If unspecified, the account's [default resourcegroup](https://cloud.ibm.com/apidocs/resource-manager#introduction) is used.","description_kind":"plain","optional":true,"computed":true},"resource_type":{"type":"string","description":"The type of resource referenced.","description_kind":"plain","computed":true},"supported_instance_profiles":{"type":["list",["object",{"href":"string","name":"string"}]],"description":"Array of instance profiles that can be used by instances placed on this dedicated host group.","description_kind":"plain","computed":true},"zone":{"type":"string","description":"The globally unique name of the zone this dedicated host group will reside in.","description_kind":"plain","required":true}},"description_kind":"plain"}},"ibm_is_floating_ip":{"version":0,"block":{"attributes":{"address":{"type":"string","description":"Floating IP address","description_kind":"plain","computed":true},"id":{"type":"string","description_kind":"plain","optional":true,"computed":true},"name":{"type":"string","description":"Name of the floating IP","description_kind":"plain","required":true},"resource_controller_url":{"type":"string","description":"The URL of the IBM Cloud dashboard that can be used to explore and view details about this instance","description_kind":"plain","computed":true},"resource_crn":{"type":"string","description":"The crn of the resource","description_kind":"plain","computed":true},"resource_group":{"type":"string","description":"Resource group info","description_kind":"plain","optional":true,"computed":true},"resource_group_name":{"type":"string","description":"The resource group name in which resource is provisioned","description_kind":"plain","computed":true},"resource_name":{"type":"string","description":"The name of the resource","description_kind":"plain","computed":true},"resource_status":{"type":"string","description":"The status of the resource","description_kind":"plain","computed":true},"status":{"type":"string","description":"Floating IP status","description_kind":"plain","computed":true},"tags":{"type":["set","string"],"description":"Floating IP tags","description_kind":"plain","optional":true,"computed":true},"target":{"type":"string","description":"Target info","description_kind":"plain","optional":true,"computed":true},"zone":{"type":"string","description":"Zone name","description_kind":"plain","optional":true,"computed":true}},"block_types":{"timeouts":{"nesting_mode":"single","block":{"attributes":{"create":{"type":"string","description_kind":"plain","optional":true},"delete":{"type":"string","description_kind":"plain","optional":true}},"description_kind":"plain"}}},"description_kind":"plain"}},"ibm_is_flow_log":{"version":0,"block":{"attributes":{"active":{"type":"bool","description":"Indicates whether this collector is active","description_kind":"plain","optional":true},"auto_delete":{"type":"bool","description":"If set to true, this flow log collector will be automatically deleted when the target is deleted","description_kind":"plain","computed":true},"created_at":{"type":"string","description":"The date and time flow log was created","description_kind":"plain","computed":true},"crn":{"type":"string","description":"The CRN for this flow log collector","description_kind":"plain","computed":true},"href":{"type":"string","description":"The URL for this flow log collector","description_kind":"plain","computed":true},"id":{"type":"string","description_kind":"plain","optional":true,"computed":true},"lifecycle_state":{"type":"string","description":"The lifecycle state of the flow log collector","description_kind":"plain","computed":true},"name":{"type":"string","description":"Flow Log Collector name","description_kind":"plain","required":true},"resource_controller_url":{"type":"string","description":"The URL of the IBM Cloud dashboard that can be used to explore and view details about this instance","description_kind":"plain","computed":true},"resource_crn":{"type":"string","description":"The crn of the resource","description_kind":"plain","computed":true},"resource_group":{"type":"string","description":"The resource group of flow log","description_kind":"plain","optional":true,"computed":true},"resource_group_name":{"type":"string","description":"The resource group name in which resource is provisioned","description_kind":"plain","computed":true},"resource_name":{"type":"string","description":"The name of the resource","description_kind":"plain","computed":true},"resource_status":{"type":"string","description":"The status of the resource","description_kind":"plain","computed":true},"storage_bucket":{"type":"string","description":"The Cloud Object Storage bucket name where the collected flows will be logged","description_kind":"plain","required":true},"tags":{"type":["set","string"],"description":"Tags for the VPC Flow logs","description_kind":"plain","optional":true,"computed":true},"target":{"type":"string","description":"The target id that the flow log collector is to collect flow logs","description_kind":"plain","required":true},"vpc":{"type":"string","description":"The VPC this flow log collector is associated with","description_kind":"plain","computed":true}},"block_types":{"timeouts":{"nesting_mode":"single","block":{"attributes":{"create":{"type":"string","description_kind":"plain","optional":true},"delete":{"type":"string","description_kind":"plain","optional":true},"update":{"type":"string","description_kind":"plain","optional":true}},"description_kind":"plain"}}},"description_kind":"plain"}},"ibm_is_ike_policy":{"version":0,"block":{"attributes":{"authentication_algorithm":{"type":"string","description":"Authentication algorithm type","description_kind":"plain","required":true},"dh_group":{"type":"number","description":"IKE DH group","description_kind":"plain","required":true},"encryption_algorithm":{"type":"string","description":"Encryption alogorithm type","description_kind":"plain","required":true},"href":{"type":"string","description":"IKE href value","description_kind":"plain","computed":true},"id":{"type":"string","description_kind":"plain","optional":true,"computed":true},"ike_version":{"type":"number","description":"IKE version","description_kind":"plain","optional":true},"key_lifetime":{"type":"number","description":"IKE Key lifetime","description_kind":"plain","optional":true},"name":{"type":"string","description":"IKE name","description_kind":"plain","required":true},"negotiation_mode":{"type":"string","description":"IKE negotiation mode","description_kind":"plain","computed":true},"resource_controller_url":{"type":"string","description":"The URL of the IBM Cloud dashboard that can be used to explore and view details about this instance","description_kind":"plain","computed":true},"resource_group":{"type":"string","description":"IKE resource group ID","description_kind":"plain","optional":true,"computed":true},"resource_group_name":{"type":"string","description":"The resource group name in which resource is provisioned","description_kind":"plain","computed":true},"resource_name":{"type":"string","description":"The name of the resource","description_kind":"plain","computed":true},"vpn_connections":{"type":["list",["object",{"href":"string","id":"string","name":"string"}]],"description_kind":"plain","computed":true}},"description_kind":"plain"}},"ibm_is_image":{"version":0,"block":{"attributes":{"checksum":{"type":"string","description":"The SHA256 checksum of this image","description_kind":"plain","computed":true},"encrypted_data_key":{"type":"string","description":"A base64-encoded, encrypted representation of the key that was used to encrypt the data for this image","description_kind":"plain","optional":true},"encryption":{"type":"string","description":"The type of encryption used on the image","description_kind":"plain","computed":true},"encryption_key":{"type":"string","description":"The CRN of the Key Protect Root Key or Hyper Protect Crypto Service Root Key for this resource","description_kind":"plain","optional":true},"file":{"type":"number","description":"Details for the stored image file","description_kind":"plain","computed":true},"href":{"type":"string","description":"Image Href value","description_kind":"plain","required":true},"id":{"type":"string","description_kind":"plain","optional":true,"computed":true},"name":{"type":"string","description":"Image name","description_kind":"plain","required":true},"operating_system":{"type":"string","description":"Image Operating system","description_kind":"plain","required":true},"resource_controller_url":{"type":"string","description":"The URL of the IBM Cloud dashboard that can be used to explore and view details about this instance","description_kind":"plain","computed":true},"resource_crn":{"type":"string","description":"The crn of the resource","description_kind":"plain","computed":true},"resource_group":{"type":"string","description":"The resource group for this image","description_kind":"plain","optional":true,"computed":true},"resource_group_name":{"type":"string","description":"The resource group name in which resource is provisioned","description_kind":"plain","computed":true},"resource_name":{"type":"string","description":"The name of the resource","description_kind":"plain","computed":true},"resource_status":{"type":"string","description":"The status of the resource","description_kind":"plain","computed":true},"size":{"type":"number","description":"The minimum size (in gigabytes) of a volume onto which this image may be provisioned","description_kind":"plain","computed":true},"status":{"type":"string","description":"The status of this image","description_kind":"plain","computed":true},"tags":{"type":["set","string"],"description":"Tags for the image","description_kind":"plain","optional":true,"computed":true},"visibility":{"type":"string","description":"Whether the image is publicly visible or private to the account","description_kind":"plain","computed":true}},"block_types":{"timeouts":{"nesting_mode":"single","block":{"attributes":{"create":{"type":"string","description_kind":"plain","optional":true},"delete":{"type":"string","description_kind":"plain","optional":true},"update":{"type":"string","description_kind":"plain","optional":true}},"description_kind":"plain"}}},"description_kind":"plain"}},"ibm_is_instance":{"version":0,"block":{"attributes":{"auto_delete_volume":{"type":"bool","description":"Auto delete volume along with instance","description_kind":"plain","optional":true},"dedicated_host":{"type":"string","description":"Unique Identifier of the Dedicated Host where the instance will be placed","description_kind":"plain","optional":true},"dedicated_host_group":{"type":"string","description":"Unique Identifier of the Dedicated Host Group where the instance will be placed","description_kind":"plain","optional":true},"disks":{"type":["list",["object",{"created_at":"string","href":"string","id":"string","interface_type":"string","name":"string","resource_type":"string","size":"number"}]],"description":"Collection of the instance's disks.","description_kind":"plain","computed":true},"force_recovery_time":{"type":"number","description":"Define timeout to force the instances to start/stop in minutes.","description_kind":"plain","optional":true},"gpu":{"type":["list",["object",{"cores":"number","count":"number","manufacturer":"string","memory":"number","model":"string"}]],"description_kind":"plain","deprecated":true,"computed":true},"id":{"type":"string","description_kind":"plain","optional":true,"computed":true},"image":{"type":"string","description":"image name","description_kind":"plain","required":true},"keys":{"type":["set","string"],"description":"SSH key Ids for the instance","description_kind":"plain","required":true},"memory":{"type":"number","description":"Instance memory","description_kind":"plain","computed":true},"name":{"type":"string","description":"Instance name","description_kind":"plain","required":true},"profile":{"type":"string","description":"Profile info","description_kind":"plain","required":true},"resource_controller_url":{"type":"string","description":"The URL of the IBM Cloud dashboard that can be used to explore and view details about this instance","description_kind":"plain","computed":true},"resource_crn":{"type":"string","description":"The crn of the resource","description_kind":"plain","computed":true},"resource_group":{"type":"string","description":"Instance resource group","description_kind":"plain","optional":true,"computed":true},"resource_group_name":{"type":"string","description":"The resource group name in which resource is provisioned","description_kind":"plain","computed":true},"resource_name":{"type":"string","description":"The name of the resource","description_kind":"plain","computed":true},"resource_status":{"type":"string","description":"The status of the resource","description_kind":"plain","computed":true},"status":{"type":"string","description":"instance status","description_kind":"plain","computed":true},"tags":{"type":["set","string"],"description":"list of tags for the instance","description_kind":"plain","optional":true,"computed":true},"user_data":{"type":"string","description":"User data given for the instance","description_kind":"plain","optional":true},"vcpu":{"type":["list",["object",{"architecture":"string","count":"number"}]],"description_kind":"plain","computed":true},"volume_attachments":{"type":["list",["object",{"id":"string","name":"string","volume_crn":"string","volume_id":"string","volume_name":"string"}]],"description_kind":"plain","computed":true},"volumes":{"type":["set","string"],"description":"List of volumes","description_kind":"plain","optional":true},"vpc":{"type":"string","description":"VPC id","description_kind":"plain","required":true},"wait_before_delete":{"type":"bool","description":"Enables stopping of instance before deleting and waits till deletion is complete","description_kind":"plain","optional":true},"zone":{"type":"string","description":"Zone name","description_kind":"plain","required":true}},"block_types":{"boot_volume":{"nesting_mode":"list","block":{"attributes":{"encryption":{"type":"string","description_kind":"plain","optional":true,"computed":true},"iops":{"type":"number","description_kind":"plain","computed":true},"name":{"type":"string","description_kind":"plain","optional":true,"computed":true},"profile":{"type":"string","description_kind":"plain","computed":true},"size":{"type":"number","description_kind":"plain","computed":true}},"description_kind":"plain"},"max_items":1},"network_interfaces":{"nesting_mode":"list","block":{"attributes":{"allow_ip_spoofing":{"type":"bool","description":"Indicates whether IP spoofing is allowed on this interface.","description_kind":"plain","optional":true},"id":{"type":"string","description_kind":"plain","computed":true},"name":{"type":"string","description_kind":"plain","optional":true,"computed":true},"primary_ipv4_address":{"type":"string","description_kind":"plain","optional":true,"computed":true},"security_groups":{"type":["set","string"],"description_kind":"plain","optional":true,"computed":true},"subnet":{"type":"string","description_kind":"plain","required":true}},"description_kind":"plain"}},"primary_network_interface":{"nesting_mode":"list","block":{"attributes":{"allow_ip_spoofing":{"type":"bool","description":"Indicates whether IP spoofing is allowed on this interface.","description_kind":"plain","optional":true},"id":{"type":"string","description_kind":"plain","computed":true},"name":{"type":"string","description_kind":"plain","optional":true,"computed":true},"port_speed":{"type":"number","description_kind":"plain","deprecated":true,"optional":true},"primary_ipv4_address":{"type":"string","description_kind":"plain","optional":true,"computed":true},"security_groups":{"type":["set","string"],"description_kind":"plain","optional":true,"computed":true},"subnet":{"type":"string","description_kind":"plain","required":true}},"description":"Primary Network interface info","description_kind":"plain"},"min_items":1,"max_items":1},"timeouts":{"nesting_mode":"single","block":{"attributes":{"create":{"type":"string","description_kind":"plain","optional":true},"delete":{"type":"string","description_kind":"plain","optional":true},"update":{"type":"string","description_kind":"plain","optional":true}},"description_kind":"plain"}}},"description_kind":"plain"}},"ibm_is_instance_disk_management":{"version":0,"block":{"attributes":{"id":{"type":"string","description_kind":"plain","optional":true,"computed":true},"instance":{"type":"string","description":"ID of the instance for which disks has to be managed","description_kind":"plain","required":true}},"block_types":{"disks":{"nesting_mode":"list","block":{"attributes":{"id":{"type":"string","description":"The unique identifier for this instance disk.","description_kind":"plain","required":true},"name":{"type":"string","description":"The user-defined name for this disk. The disk will be updated with this new name","description_kind":"plain","required":true}},"description":"Disk information that has to be updated.","description_kind":"plain"},"min_items":1}},"description_kind":"plain"}},"ibm_is_instance_group":{"version":0,"block":{"attributes":{"application_port":{"type":"number","description":"Used by the instance group when scaling up instances to supply the port for the load balancer pool member.","description_kind":"plain","optional":true},"id":{"type":"string","description_kind":"plain","optional":true,"computed":true},"instance_count":{"type":"number","description":"The number of instances in the instance group","description_kind":"plain","optional":true},"instance_template":{"type":"string","description":"instance template ID","description_kind":"plain","required":true},"instances":{"type":"number","description":"number of instances in the intances group","description_kind":"plain","computed":true},"load_balancer":{"type":"string","description":"load balancer ID","description_kind":"plain","optional":true},"load_balancer_pool":{"type":"string","description":"load balancer pool ID","description_kind":"plain","optional":true},"managers":{"type":["list","string"],"description":"list of Managers associated with instancegroup","description_kind":"plain","computed":true},"name":{"type":"string","description":"The user-defined name for this instance group","description_kind":"plain","required":true},"resource_group":{"type":"string","description":"Resource group ID","description_kind":"plain","optional":true,"computed":true},"status":{"type":"string","description":"Instance group status - deleting, healthy, scaling, unhealthy","description_kind":"plain","computed":true},"subnets":{"type":["list","string"],"description":"list of subnet IDs","description_kind":"plain","required":true},"tags":{"type":["set","string"],"description":"List of tags for instance group","description_kind":"plain","optional":true,"computed":true},"vpc":{"type":"string","description":"vpc instance","description_kind":"plain","computed":true}},"block_types":{"timeouts":{"nesting_mode":"single","block":{"attributes":{"create":{"type":"string","description_kind":"plain","optional":true},"delete":{"type":"string","description_kind":"plain","optional":true},"update":{"type":"string","description_kind":"plain","optional":true}},"description_kind":"plain"}}},"description_kind":"plain"}},"ibm_is_instance_group_manager":{"version":0,"block":{"attributes":{"actions":{"type":["list",["object",{"instance_group_manager_action":"string","instance_group_manager_action_name":"string","resource_type":"string"}]],"description_kind":"plain","computed":true},"aggregation_window":{"type":"number","description":"The time window in seconds to aggregate metrics prior to evaluation","description_kind":"plain","optional":true},"cooldown":{"type":"number","description":"The duration of time in seconds to pause further scale actions after scaling has taken place","description_kind":"plain","optional":true},"enable_manager":{"type":"bool","description":"enable instance group manager","description_kind":"plain","optional":true},"id":{"type":"string","description_kind":"plain","optional":true,"computed":true},"instance_group":{"type":"string","description":"instance group ID","description_kind":"plain","required":true},"manager_id":{"type":"string","description":"instance group manager ID","description_kind":"plain","computed":true},"manager_type":{"type":"string","description":"The type of instance group manager.","description_kind":"plain","optional":true},"max_membership_count":{"type":"number","description":"The maximum number of members in a managed instance group","description_kind":"plain","optional":true},"min_membership_count":{"type":"number","description":"The minimum number of members in a managed instance group","description_kind":"plain","optional":true},"name":{"type":"string","description":"instance group manager name","description_kind":"plain","optional":true},"policies":{"type":["list","string"],"description":"list of Policies associated with instancegroup manager","description_kind":"plain","computed":true}},"block_types":{"timeouts":{"nesting_mode":"single","block":{"attributes":{"create":{"type":"string","description_kind":"plain","optional":true},"delete":{"type":"string","description_kind":"plain","optional":true},"update":{"type":"string","description_kind":"plain","optional":true}},"description_kind":"plain"}}},"description_kind":"plain"}},"ibm_is_instance_group_manager_action":{"version":0,"block":{"attributes":{"action_id":{"type":"string","description":"Instance group manager action ID","description_kind":"plain","computed":true},"action_type":{"type":"string","description":"The type of action for the instance group.","description_kind":"plain","computed":true},"auto_delete":{"type":"bool","description_kind":"plain","computed":true},"auto_delete_timeout":{"type":"number","description_kind":"plain","computed":true},"created_at":{"type":"string","description":"The date and time that the instance group manager action was modified.","description_kind":"plain","computed":true},"cron_spec":{"type":"string","description":"The cron specification for a recurring scheduled action. Actions can be applied a maximum of one time within a 5 min period.","description_kind":"plain","optional":true},"id":{"type":"string","description_kind":"plain","optional":true,"computed":true},"instance_group":{"type":"string","description":"instance group ID","description_kind":"plain","required":true},"instance_group_manager":{"type":"string","description":"Instance group manager ID of type scheduled","description_kind":"plain","required":true},"last_applied_at":{"type":"string","description":"The date and time the scheduled action was last applied. If empty the action has never been applied.","description_kind":"plain","computed":true},"max_membership_count":{"type":"number","description":"The maximum number of members in a managed instance group","description_kind":"plain","optional":true},"membership_count":{"type":"number","description":"The number of members the instance group should have at the scheduled time.","description_kind":"plain","optional":true},"min_membership_count":{"type":"number","description":"The minimum number of members in a managed instance group","description_kind":"plain","optional":true},"name":{"type":"string","description":"instance group manager action name","description_kind":"plain","optional":true},"next_run_at":{"type":"string","description":"The date and time the scheduled action will next run. If empty the system is currently calculating the next run time.","description_kind":"plain","computed":true},"resource_type":{"type":"string","description":"The resource type.","description_kind":"plain","computed":true},"run_at":{"type":"string","description":"The date and time the scheduled action will run.","description_kind":"plain","optional":true},"status":{"type":"string","description":"The status of the instance group action- `active`: Action is ready to be run- `completed`: Action was completed successfully- `failed`: Action could not be completed successfully- `incompatible`: Action parameters are not compatible with the group or manager- `omitted`: Action was not applied because this action's manager was disabled.","description_kind":"plain","computed":true},"target_manager":{"type":"string","description":"The unique identifier for this instance group manager of type autoscale.","description_kind":"plain","optional":true},"target_manager_name":{"type":"string","description":"Instance group manager name of type autoscale.","description_kind":"plain","computed":true},"updated_at":{"type":"string","description":"The date and time that the instance group manager action was modified.","description_kind":"plain","computed":true}},"block_types":{"timeouts":{"nesting_mode":"single","block":{"attributes":{"create":{"type":"string","description_kind":"plain","optional":true},"delete":{"type":"string","description_kind":"plain","optional":true},"update":{"type":"string","description_kind":"plain","optional":true}},"description_kind":"plain"}}},"description_kind":"plain"}},"ibm_is_instance_group_manager_policy":{"version":0,"block":{"attributes":{"id":{"type":"string","description_kind":"plain","optional":true,"computed":true},"instance_group":{"type":"string","description":"instance group ID","description_kind":"plain","required":true},"instance_group_manager":{"type":"string","description":"Instance group manager ID","description_kind":"plain","required":true},"metric_type":{"type":"string","description":"The type of metric to be evaluated","description_kind":"plain","required":true},"metric_value":{"type":"number","description":"The metric value to be evaluated","description_kind":"plain","required":true},"name":{"type":"string","description":"instance group manager policy name","description_kind":"plain","optional":true},"policy_id":{"type":"string","description":"The Policy ID","description_kind":"plain","computed":true},"policy_type":{"type":"string","description":"The type of Policy for the Instance Group","description_kind":"plain","required":true}},"description_kind":"plain"}},"ibm_is_instance_group_membership":{"version":0,"block":{"attributes":{"action_delete":{"type":"bool","description":"The delete flag for this instance group membership. Must be set to true to delete instance group membership.","description_kind":"plain","optional":true},"delete_instance_on_membership_delete":{"type":"bool","description":"If set to true, when deleting the membership the instance will also be deleted.","description_kind":"plain","computed":true},"id":{"type":"string","description_kind":"plain","optional":true,"computed":true},"instance":{"type":["list",["object",{"crn":"string","name":"string","virtual_server_instance":"string"}]],"description_kind":"plain","computed":true},"instance_group":{"type":"string","description":"The instance group identifier.","description_kind":"plain","required":true},"instance_group_membership":{"type":"string","description":"The unique identifier for this instance group membership.","description_kind":"plain","required":true},"instance_template":{"type":["list",["object",{"crn":"string","instance_template":"string","name":"string"}]],"description_kind":"plain","computed":true},"load_balancer_pool_member":{"type":"string","description":"The unique identifier for this load balancer pool member.","description_kind":"plain","computed":true},"name":{"type":"string","description":"The user-defined name for this instance group membership. Names must be unique within the instance group.","description_kind":"plain","optional":true},"status":{"type":"string","description":"The status of the instance group membership- `deleting`: Membership is deleting dependent resources- `failed`: Membership was unable to maintain dependent resources- `healthy`: Membership is active and serving in the group- `pending`: Membership is waiting for dependent resources- `unhealthy`: Membership has unhealthy dependent resources.","description_kind":"plain","computed":true}},"description_kind":"plain"}},"ibm_is_instance_template":{"version":0,"block":{"attributes":{"dedicated_host":{"type":"string","description":"Unique Identifier of the Dedicated Host where the instance will be placed","description_kind":"plain","optional":true},"dedicated_host_group":{"type":"string","description":"Unique Identifier of the Dedicated Host Group where the instance will be placed","description_kind":"plain","optional":true},"id":{"type":"string","description_kind":"plain","optional":true,"computed":true},"image":{"type":"string","description":"image name","description_kind":"plain","required":true},"keys":{"type":["set","string"],"description":"SSH key Ids for the instance template","description_kind":"plain","required":true},"name":{"type":"string","description":"Instance Template name","description_kind":"plain","required":true},"placement_target":{"type":["list",["object",{"crn":"string","href":"string","id":"string"}]],"description":"The placement restrictions to use for the virtual server instance.","description_kind":"plain","computed":true},"profile":{"type":"string","description":"Profile info","description_kind":"plain","required":true},"resource_group":{"type":"string","description":"Instance template resource group","description_kind":"plain","optional":true,"computed":true},"user_data":{"type":"string","description":"User data given for the instance","description_kind":"plain","optional":true},"vpc":{"type":"string","description":"VPC id","description_kind":"plain","required":true},"zone":{"type":"string","description":"Zone name","description_kind":"plain","required":true}},"block_types":{"boot_volume":{"nesting_mode":"list","block":{"attributes":{"delete_volume_on_instance_delete":{"type":"bool","description_kind":"plain","optional":true,"computed":true},"encryption":{"type":"string","description_kind":"plain","optional":true,"computed":true},"name":{"type":"string","description_kind":"plain","optional":true,"computed":true},"profile":{"type":"string","description_kind":"plain","computed":true},"size":{"type":"number","description_kind":"plain","computed":true}},"description_kind":"plain"},"max_items":1},"network_interfaces":{"nesting_mode":"list","block":{"attributes":{"allow_ip_spoofing":{"type":"bool","description_kind":"plain","optional":true},"name":{"type":"string","description_kind":"plain","optional":true,"computed":true},"primary_ipv4_address":{"type":"string","description_kind":"plain","optional":true,"computed":true},"security_groups":{"type":["set","string"],"description_kind":"plain","optional":true,"computed":true},"subnet":{"type":"string","description_kind":"plain","required":true}},"description_kind":"plain"}},"primary_network_interface":{"nesting_mode":"list","block":{"attributes":{"allow_ip_spoofing":{"type":"bool","description_kind":"plain","optional":true},"name":{"type":"string","description_kind":"plain","optional":true,"computed":true},"primary_ipv4_address":{"type":"string","description_kind":"plain","optional":true,"computed":true},"security_groups":{"type":["set","string"],"description_kind":"plain","optional":true,"computed":true},"subnet":{"type":"string","description_kind":"plain","required":true}},"description":"Primary Network interface info","description_kind":"plain"},"min_items":1,"max_items":1},"volume_attachments":{"nesting_mode":"list","block":{"attributes":{"delete_volume_on_instance_delete":{"type":"bool","description":"If set to true, when deleting the instance the volume will also be deleted.","description_kind":"plain","required":true},"name":{"type":"string","description":"The user-defined name for this volume attachment.","description_kind":"plain","required":true},"volume":{"type":"string","description":"The unique identifier for this volume.","description_kind":"plain","optional":true}},"block_types":{"volume_prototype":{"nesting_mode":"list","block":{"attributes":{"capacity":{"type":"number","description":"The capacity of the volume in gigabytes. The specified minimum and maximum capacity values for creating or updating volumes may expand in the future.","description_kind":"plain","required":true},"encryption_key":{"type":"string","description":"The CRN of the [Key Protect Root Key](https://cloud.ibm.com/docs/key-protect?topic=key-protect-getting-started-tutorial) or [Hyper Protect Crypto Service Root Key](https://cloud.ibm.com/docs/hs-crypto?topic=hs-crypto-get-started) for this resource.","description_kind":"plain","optional":true},"iops":{"type":"number","description":"The maximum I/O operations per second (IOPS) for the volume.","description_kind":"plain","optional":true},"profile":{"type":"string","description":"The  globally unique name for the volume profile to use for this volume.","description_kind":"plain","required":true}},"description_kind":"plain"},"max_items":1}},"description_kind":"plain"}}},"description_kind":"plain"}},"ibm_is_ipsec_policy":{"version":0,"block":{"attributes":{"authentication_algorithm":{"type":"string","description":"Authentication alorothm","description_kind":"plain","required":true},"encapsulation_mode":{"type":"string","description":"IPSEC encapsulation mode","description_kind":"plain","computed":true},"encryption_algorithm":{"type":"string","description":"Encryption algorithm","description_kind":"plain","required":true},"id":{"type":"string","description_kind":"plain","optional":true,"computed":true},"key_lifetime":{"type":"number","description":"IPSEC key lifetime","description_kind":"plain","optional":true},"name":{"type":"string","description":"IPSEC name","description_kind":"plain","required":true},"pfs":{"type":"string","description":"PFS info","description_kind":"plain","required":true},"resource_controller_url":{"type":"string","description":"The URL of the IBM Cloud dashboard that can be used to explore and view details about this instance","description_kind":"plain","computed":true},"resource_crn":{"type":"string","description":"The crn of the resource","description_kind":"plain","computed":true},"resource_group":{"type":"string","description":"Resource group info","description_kind":"plain","optional":true,"computed":true},"resource_group_name":{"type":"string","description":"The resource group name in which resource is provisioned","description_kind":"plain","computed":true},"resource_name":{"type":"string","description":"The name of the resource","description_kind":"plain","computed":true},"transform_protocol":{"type":"string","description":"IPSEC transform protocol","description_kind":"plain","computed":true},"vpn_connections":{"type":["list",["object",{"href":"string","id":"string","name":"string"}]],"description_kind":"plain","computed":true}},"description_kind":"plain"}},"ibm_is_lb":{"version":0,"block":{"attributes":{"hostname":{"type":"string","description_kind":"plain","computed":true},"id":{"type":"string","description_kind":"plain","optional":true,"computed":true},"logging":{"type":"bool","description":"Logging of Load Balancer","description_kind":"plain","optional":true},"name":{"type":"string","description":"Load Balancer name","description_kind":"plain","required":true},"operating_status":{"type":"string","description_kind":"plain","computed":true},"private_ips":{"type":["list","string"],"description_kind":"plain","computed":true},"profile":{"type":"string","description":"The profile to use for this load balancer.","description_kind":"plain","optional":true,"computed":true},"public_ips":{"type":["list","string"],"description_kind":"plain","computed":true},"resource_controller_url":{"type":"string","description":"The URL of the IBM Cloud dashboard that can be used to explore and view details about this instance","description_kind":"plain","computed":true},"resource_group":{"type":"string","description_kind":"plain","optional":true,"computed":true},"resource_group_name":{"type":"string","description":"The resource group name in which resource is provisioned","description_kind":"plain","computed":true},"resource_name":{"type":"string","description":"The name of the resource","description_kind":"plain","computed":true},"security_group_supported":{"type":"bool","description":"Security Group Supported for this Load Balancer","description_kind":"plain","computed":true},"security_groups":{"type":["set","string"],"description":"Load Balancer securitygroups list","description_kind":"plain","optional":true,"computed":true},"status":{"type":"string","description_kind":"plain","computed":true},"subnets":{"type":["set","string"],"description":"Load Balancer subnets list","description_kind":"plain","required":true},"tags":{"type":["set","string"],"description_kind":"plain","optional":true,"computed":true},"type":{"type":"string","description":"Load Balancer type","description_kind":"plain","optional":true}},"block_types":{"timeouts":{"nesting_mode":"single","block":{"attributes":{"create":{"type":"string","description_kind":"plain","optional":true},"delete":{"type":"string","description_kind":"plain","optional":true}},"description_kind":"plain"}}},"description_kind":"plain"}},"ibm_is_lb_listener":{"version":0,"block":{"attributes":{"accept_proxy_protocol":{"type":"bool","description":"Listener will forward proxy protocol","description_kind":"plain","optional":true,"computed":true},"certificate_instance":{"type":"string","description":"certificate instance for the Loadbalancer","description_kind":"plain","optional":true},"connection_limit":{"type":"number","description":"Connection limit for Loadbalancer","description_kind":"plain","optional":true},"default_pool":{"type":"string","description":"Loadbalancer default pool info","description_kind":"plain","optional":true,"computed":true},"id":{"type":"string","description_kind":"plain","optional":true,"computed":true},"lb":{"type":"string","description":"Loadbalancer listener ID","description_kind":"plain","required":true},"listener_id":{"type":"string","description_kind":"plain","computed":true},"port":{"type":"number","description":"Loadbalancer listener port","description_kind":"plain","required":true},"protocol":{"type":"string","description":"Loadbalancer protocol","description_kind":"plain","required":true},"related_crn":{"type":"string","description":"The crn of the LB resource","description_kind":"plain","computed":true},"status":{"type":"string","description":"Loadbalancer listener status","description_kind":"plain","computed":true}},"block_types":{"timeouts":{"nesting_mode":"single","block":{"attributes":{"create":{"type":"string","description_kind":"plain","optional":true},"delete":{"type":"string","description_kind":"plain","optional":true},"update":{"type":"string","description_kind":"plain","optional":true}},"description_kind":"plain"}}},"description_kind":"plain"}},"ibm_is_lb_listener_policy":{"version":0,"block":{"attributes":{"action":{"type":"string","description":"Policy Action","description_kind":"plain","required":true},"id":{"type":"string","description_kind":"plain","optional":true,"computed":true},"lb":{"type":"string","description":"Load Balancer Listener Policy","description_kind":"plain","required":true},"listener":{"type":"string","description":"Listener ID","description_kind":"plain","required":true},"name":{"type":"string","description":"Policy name","description_kind":"plain","optional":true,"computed":true},"policy_id":{"type":"string","description":"Listener Policy ID","description_kind":"plain","computed":true},"priority":{"type":"number","description":"Listener Policy Priority","description_kind":"plain","required":true},"provisioning_status":{"type":"string","description":"Listner Policy status","description_kind":"plain","computed":true},"related_crn":{"type":"string","description":"The crn of the LB resource","description_kind":"plain","computed":true},"target_http_status_code":{"type":"number","description":"Listener Policy target HTTPS Status code.","description_kind":"plain","optional":true},"target_id":{"type":"string","description":"Listener Policy Target ID","description_kind":"plain","optional":true},"target_url":{"type":"string","description":"Policy Target URL","description_kind":"plain","optional":true}},"block_types":{"rules":{"nesting_mode":"list","block":{"attributes":{"condition":{"type":"string","description":"Condition of the rule","description_kind":"plain","required":true},"field":{"type":"string","description":"HTTP header field. This is only applicable to rule type.","description_kind":"plain","optional":true},"rule_id":{"type":"string","description":"Rule ID","description_kind":"plain","computed":true},"type":{"type":"string","description":"Type of the rule","description_kind":"plain","required":true},"value":{"type":"string","description":"Value to be matched for rule condition","description_kind":"plain","required":true}},"description":"Policy Rules","description_kind":"plain"}},"timeouts":{"nesting_mode":"single","block":{"attributes":{"create":{"type":"string","description_kind":"plain","optional":true},"delete":{"type":"string","description_kind":"plain","optional":true},"update":{"type":"string","description_kind":"plain","optional":true}},"description_kind":"plain"}}},"description_kind":"plain"}},"ibm_is_lb_listener_policy_rule":{"version":0,"block":{"attributes":{"condition":{"type":"string","description":"Condition info of the rule.","description_kind":"plain","required":true},"field":{"type":"string","description_kind":"plain","optional":true},"id":{"type":"string","description_kind":"plain","optional":true,"computed":true},"lb":{"type":"string","description":"Loadbalancer ID","description_kind":"plain","required":true},"listener":{"type":"string","description":"Listener ID.","description_kind":"plain","required":true},"policy":{"type":"string","description":"Listener Policy ID","description_kind":"plain","required":true},"provisioning_status":{"type":"string","description_kind":"plain","computed":true},"related_crn":{"type":"string","description":"The crn of the LB resource","description_kind":"plain","computed":true},"rule":{"type":"string","description_kind":"plain","computed":true},"type":{"type":"string","description":"Policy rule type.","description_kind":"plain","required":true},"value":{"type":"string","description":"policy rule value info","description_kind":"plain","required":true}},"block_types":{"timeouts":{"nesting_mode":"single","block":{"attributes":{"create":{"type":"string","description_kind":"plain","optional":true},"delete":{"type":"string","description_kind":"plain","optional":true},"update":{"type":"string","description_kind":"plain","optional":true}},"description_kind":"plain"}}},"description_kind":"plain"}},"ibm_is_lb_pool":{"version":0,"block":{"attributes":{"algorithm":{"type":"string","description":"Load Balancer Pool algorithm","description_kind":"plain","required":true},"health_delay":{"type":"number","description":"Load Blancer health delay time period","description_kind":"plain","required":true},"health_monitor_port":{"type":"number","description":"Health monitor Port the LB Pool","description_kind":"plain","optional":true,"computed":true},"health_monitor_url":{"type":"string","description":"Health monitor URL of LB Pool","description_kind":"plain","optional":true,"computed":true},"health_retries":{"type":"number","description":"Load Balancer health retry count","description_kind":"plain","required":true},"health_timeout":{"type":"number","description":"Load Balancer health timeout interval","description_kind":"plain","required":true},"health_type":{"type":"string","description":"Load Balancer health type","description_kind":"plain","required":true},"id":{"type":"string","description_kind":"plain","optional":true,"computed":true},"lb":{"type":"string","description":"Load Balancer ID","description_kind":"plain","required":true},"name":{"type":"string","description":"Load Balancer Pool name","description_kind":"plain","required":true},"pool_id":{"type":"string","description":"The LB Pool id","description_kind":"plain","computed":true},"protocol":{"type":"string","description":"Load Balancer Protocol","description_kind":"plain","required":true},"provisioning_status":{"type":"string","description":"Status of the LB Pool","description_kind":"plain","computed":true},"proxy_protocol":{"type":"string","description":"PROXY protocol setting for this pool","description_kind":"plain","optional":true,"computed":true},"related_crn":{"type":"string","description":"The crn of the LB resource","description_kind":"plain","computed":true},"session_persistence_cookie_name":{"type":"string","description":"Load Balancer Pool session persisence cookie name","description_kind":"plain","optional":true},"session_persistence_type":{"type":"string","description":"Load Balancer Pool session persisence type.","description_kind":"plain","optional":true}},"block_types":{"timeouts":{"nesting_mode":"single","block":{"attributes":{"create":{"type":"string","description_kind":"plain","optional":true},"delete":{"type":"string","description_kind":"plain","optional":true},"update":{"type":"string","description_kind":"plain","optional":true}},"description_kind":"plain"}}},"description_kind":"plain"}},"ibm_is_lb_pool_member":{"version":0,"block":{"attributes":{"health":{"type":"string","description":"LB Pool member health","description_kind":"plain","computed":true},"href":{"type":"string","description":"LB pool member Href value","description_kind":"plain","computed":true},"id":{"type":"string","description_kind":"plain","optional":true,"computed":true},"lb":{"type":"string","description":"Load balancer ID","description_kind":"plain","required":true},"pool":{"type":"string","description":"Loadblancer Poold ID","description_kind":"plain","required":true},"port":{"type":"number","description":"Load Balancer Pool port","description_kind":"plain","required":true},"provisioning_status":{"type":"string","description":"Load balancer Pool member provisioning status","description_kind":"plain","computed":true},"related_crn":{"type":"string","description":"The crn of the LB resource","description_kind":"plain","computed":true},"target_address":{"type":"string","description":"Load balancer pool member target address","description_kind":"plain","optional":true},"target_id":{"type":"string","description":"Load balancer pool member target id","description_kind":"plain","optional":true},"weight":{"type":"number","description":"Load balcner pool member weight","description_kind":"plain","optional":true,"computed":true}},"block_types":{"timeouts":{"nesting_mode":"single","block":{"attributes":{"create":{"type":"string","description_kind":"plain","optional":true},"delete":{"type":"string","description_kind":"plain","optional":true},"update":{"type":"string","description_kind":"plain","optional":true}},"description_kind":"plain"}}},"description_kind":"plain"}},"ibm_is_network_acl":{"version":0,"block":{"attributes":{"crn":{"type":"string","description":"The crn of the resource","description_kind":"plain","computed":true},"id":{"type":"string","description_kind":"plain","optional":true,"computed":true},"name":{"type":"string","description":"Network ACL name","description_kind":"plain","required":true},"resource_controller_url":{"type":"string","description":"The URL of the IBM Cloud dashboard that can be used to explore and view details about this instance","description_kind":"plain","computed":true},"resource_crn":{"type":"string","description":"The crn of the resource","description_kind":"plain","computed":true},"resource_group":{"type":"string","description":"Resource group ID for the network ACL","description_kind":"plain","optional":true,"computed":true},"resource_group_name":{"type":"string","description":"The resource group name in which resource is provisioned","description_kind":"plain","computed":true},"resource_name":{"type":"string","description":"The name of the resource","description_kind":"plain","computed":true},"tags":{"type":["set","string"],"description":"List of tags","description_kind":"plain","optional":true,"computed":true},"vpc":{"type":"string","description":"Network ACL VPC name","description_kind":"plain","optional":true}},"block_types":{"rules":{"nesting_mode":"list","block":{"attributes":{"action":{"type":"string","description_kind":"plain","required":true},"destination":{"type":"string","description_kind":"plain","required":true},"direction":{"type":"string","description":"Direction of traffic to enforce, either inbound or outbound","description_kind":"plain","required":true},"id":{"type":"string","description_kind":"plain","computed":true},"ip_version":{"type":"string","description_kind":"plain","computed":true},"name":{"type":"string","description_kind":"plain","required":true},"source":{"type":"string","description_kind":"plain","required":true},"subnets":{"type":"number","description_kind":"plain","computed":true}},"block_types":{"icmp":{"nesting_mode":"list","block":{"attributes":{"code":{"type":"number","description_kind":"plain","optional":true},"type":{"type":"number","description_kind":"plain","optional":true}},"description_kind":"plain"},"max_items":1},"tcp":{"nesting_mode":"list","block":{"attributes":{"port_max":{"type":"number","description_kind":"plain","optional":true},"port_min":{"type":"number","description_kind":"plain","optional":true},"source_port_max":{"type":"number","description_kind":"plain","optional":true},"source_port_min":{"type":"number","description_kind":"plain","optional":true}},"description_kind":"plain"},"max_items":1},"udp":{"nesting_mode":"list","block":{"attributes":{"port_max":{"type":"number","description_kind":"plain","optional":true},"port_min":{"type":"number","description_kind":"plain","optional":true},"source_port_max":{"type":"number","description_kind":"plain","optional":true},"source_port_min":{"type":"number","description_kind":"plain","optional":true}},"description_kind":"plain"},"max_items":1}},"description_kind":"plain"}},"timeouts":{"nesting_mode":"single","block":{"attributes":{"create":{"type":"string","description_kind":"plain","optional":true},"delete":{"type":"string","description_kind":"plain","optional":true}},"description_kind":"plain"}}},"description_kind":"plain"}},"ibm_is_public_gateway":{"version":0,"block":{"attributes":{"floating_ip":{"type":["map","string"],"description_kind":"plain","optional":true,"computed":true},"id":{"type":"string","description_kind":"plain","optional":true,"computed":true},"name":{"type":"string","description":"Name of the Public gateway instance","description_kind":"plain","required":true},"resource_controller_url":{"type":"string","description":"The URL of the IBM Cloud dashboard that can be used to explore and view details about this instance","description_kind":"plain","computed":true},"resource_crn":{"type":"string","description":"The crn of the resource","description_kind":"plain","computed":true},"resource_group":{"type":"string","description":"Public gateway resource group info","description_kind":"plain","optional":true,"computed":true},"resource_group_name":{"type":"string","description":"The resource group name in which resource is provisioned","description_kind":"plain","computed":true},"resource_name":{"type":"string","description":"The name of the resource","description_kind":"plain","computed":true},"resource_status":{"type":"string","description":"The status of the resource","description_kind":"plain","computed":true},"status":{"type":"string","description":"Public gateway instance status","description_kind":"plain","computed":true},"tags":{"type":["set","string"],"description":"Service tags for the public gateway instance","description_kind":"plain","optional":true,"computed":true},"vpc":{"type":"string","description":"Public gateway VPC info","description_kind":"plain","required":true},"zone":{"type":"string","description":"Public gateway zone info","description_kind":"plain","required":true}},"block_types":{"timeouts":{"nesting_mode":"single","block":{"attributes":{"create":{"type":"string","description_kind":"plain","optional":true},"delete":{"type":"string","description_kind":"plain","optional":true}},"description_kind":"plain"}}},"description_kind":"plain"}},"ibm_is_security_group":{"version":0,"block":{"attributes":{"crn":{"type":"string","description":"The crn of the resource","description_kind":"plain","computed":true},"id":{"type":"string","description_kind":"plain","optional":true,"computed":true},"name":{"type":"string","description":"Security group name","description_kind":"plain","optional":true,"computed":true},"resource_controller_url":{"type":"string","description":"The URL of the IBM Cloud dashboard that can be used to explore and view details about this instance","description_kind":"plain","computed":true},"resource_crn":{"type":"string","description":"The crn of the resource","description_kind":"plain","computed":true},"resource_group":{"type":"string","description":"Resource Group ID","description_kind":"plain","optional":true,"computed":true},"resource_group_name":{"type":"string","description":"The resource group name in which resource is provisioned","description_kind":"plain","computed":true},"resource_name":{"type":"string","description":"The name of the resource","description_kind":"plain","computed":true},"rules":{"type":["list",["object",{"code":"number","direction":"string","ip_version":"string","port_max":"number","port_min":"number","protocol":"string","remote":"string","type":"number"}]],"description":"Security Rules","description_kind":"plain","computed":true},"tags":{"type":["set","string"],"description":"List of tags","description_kind":"plain","optional":true,"computed":true},"vpc":{"type":"string","description":"Security group's resource group id","description_kind":"plain","required":true}},"description_kind":"plain"}},"ibm_is_security_group_network_interface_attachment":{"version":0,"block":{"attributes":{"floating_ips":{"type":["list",["object",{"crn":"string","id":"string","name":"string"}]],"description_kind":"plain","computed":true},"id":{"type":"string","description_kind":"plain","optional":true,"computed":true},"instance_network_interface":{"type":"string","description":"security group network interface attachment network interface ID","description_kind":"plain","computed":true},"name":{"type":"string","description":"security group network interface attachment name","description_kind":"plain","computed":true},"network_interface":{"type":"string","description":"security group network interface attachment NIC ID","description_kind":"plain","required":true},"port_speed":{"type":"number","description":"security group network interface attachment port speed","description_kind":"plain","computed":true},"primary_ipv4_address":{"type":"string","description":"security group network interface attachment Primary IPV4 address","description_kind":"plain","computed":true},"related_crn":{"type":"string","description":"The crn of the Security Group","description_kind":"plain","computed":true},"secondary_address":{"type":["set","string"],"description":"security group network interface attachment secondary address","description_kind":"plain","computed":true},"security_group":{"type":"string","description":"security group network interface attachment group ID","description_kind":"plain","required":true},"security_groups":{"type":["list",["object",{"crn":"string","id":"string","name":"string"}]],"description_kind":"plain","computed":true},"status":{"type":"string","description":"security group network interface attachment status","description_kind":"plain","computed":true},"subnet":{"type":"string","description":"security group network interface attachment subnet","description_kind":"plain","computed":true},"type":{"type":"string","description":"security group network interface attachment type","description_kind":"plain","computed":true}},"description_kind":"plain"}},"ibm_is_security_group_rule":{"version":0,"block":{"attributes":{"direction":{"type":"string","description":"Direction of traffic to enforce, either inbound or outbound","description_kind":"plain","required":true},"group":{"type":"string","description":"Security group id","description_kind":"plain","required":true},"id":{"type":"string","description_kind":"plain","optional":true,"computed":true},"ip_version":{"type":"string","description":"IP version: ipv4 or ipv6","description_kind":"plain","optional":true},"protocol":{"type":"string","description":"The Security Group Rule Protocol","description_kind":"plain","computed":true},"related_crn":{"type":"string","description":"The crn of the Security Group","description_kind":"plain","computed":true},"remote":{"type":"string","description":"Security group id: an IP address, a CIDR block, or a single security group identifier","description_kind":"plain","optional":true,"computed":true},"rule_id":{"type":"string","description":"Rule id","description_kind":"plain","computed":true}},"block_types":{"icmp":{"nesting_mode":"list","block":{"attributes":{"code":{"type":"number","description_kind":"plain","optional":true},"type":{"type":"number","description_kind":"plain","optional":true}},"description":"protocol=icmp","description_kind":"plain"},"max_items":1},"tcp":{"nesting_mode":"list","block":{"attributes":{"port_max":{"type":"number","description_kind":"plain","optional":true},"port_min":{"type":"number","description_kind":"plain","optional":true}},"description":"protocol=tcp","description_kind":"plain"},"max_items":1},"udp":{"nesting_mode":"list","block":{"attributes":{"port_max":{"type":"number","description_kind":"plain","optional":true},"port_min":{"type":"number","description_kind":"plain","optional":true}},"description":"protocol=udp","description_kind":"plain"},"max_items":1}},"description_kind":"plain"}},"ibm_is_security_group_target":{"version":0,"block":{"attributes":{"id":{"type":"string","description_kind":"plain","optional":true,"computed":true},"name":{"type":"string","description":"Security group target name","description_kind":"plain","computed":true},"resource_type":{"type":"string","description":"Resource Type","description_kind":"plain","computed":true},"security_group":{"type":"string","description":"Security group id","description_kind":"plain","required":true},"target":{"type":"string","description":"security group target identifier","description_kind":"plain","required":true}},"description_kind":"plain"}},"ibm_is_ssh_key":{"version":0,"block":{"attributes":{"fingerprint":{"type":"string","description":"SSH key Fingerprint info","description_kind":"plain","computed":true},"id":{"type":"string","description_kind":"plain","optional":true,"computed":true},"length":{"type":"number","description":"SSH key Length","description_kind":"plain","computed":true},"name":{"type":"string","description":"SSH Key name","description_kind":"plain","required":true},"public_key":{"type":"string","description":"SSH Public key data","description_kind":"plain","required":true},"resource_controller_url":{"type":"string","description":"The URL of the IBM Cloud dashboard that can be used to explore and view details about this instance","description_kind":"plain","computed":true},"resource_crn":{"type":"string","description":"The crn of the resource","description_kind":"plain","computed":true},"resource_group":{"type":"string","description":"Resource group ID","description_kind":"plain","optional":true,"computed":true},"resource_group_name":{"type":"string","description":"The resource group name in which resource is provisioned","description_kind":"plain","computed":true},"resource_name":{"type":"string","description":"The name of the resource","description_kind":"plain","computed":true},"tags":{"type":["set","string"],"description":"List of tags for SSH key","description_kind":"plain","optional":true,"computed":true},"type":{"type":"string","description":"Key type","description_kind":"plain","computed":true}},"description_kind":"plain"}},"ibm_is_subnet":{"version":0,"block":{"attributes":{"available_ipv4_address_count":{"type":"number","description":"The number of IPv4 addresses in this subnet that are not in-use, and have not been reserved by the user or the provider.","description_kind":"plain","computed":true},"crn":{"type":"string","description":"The crn of the resource","description_kind":"plain","computed":true},"id":{"type":"string","description_kind":"plain","optional":true,"computed":true},"ip_version":{"type":"string","description":"The IP version(s) to support for this subnet.","description_kind":"plain","optional":true},"ipv4_cidr_block":{"type":"string","description":"IPV4 subnet - CIDR block","description_kind":"plain","optional":true,"computed":true},"ipv6_cidr_block":{"type":"string","description":"IPV6 subnet - CIDR block","description_kind":"plain","computed":true},"name":{"type":"string","description":"Subnet name","description_kind":"plain","required":true},"network_acl":{"type":"string","description":"The network ACL for this subnet","description_kind":"plain","optional":true,"computed":true},"public_gateway":{"type":"string","description":"Public Gateway of the subnet","description_kind":"plain","optional":true},"resource_controller_url":{"type":"string","description":"The URL of the IBM Cloud dashboard that can be used to explore and view details about this instance","description_kind":"plain","computed":true},"resource_crn":{"type":"string","description":"The crn of the resource","description_kind":"plain","computed":true},"resource_group":{"type":"string","description":"The resource group for this subnet","description_kind":"plain","optional":true,"computed":true},"resource_group_name":{"type":"string","description":"The resource group name in which resource is provisioned","description_kind":"plain","computed":true},"resource_name":{"type":"string","description":"The name of the resource","description_kind":"plain","computed":true},"resource_status":{"type":"string","description":"The status of the resource","description_kind":"plain","computed":true},"routing_table":{"type":"string","description":"routing table id that is associated with the subnet","description_kind":"plain","optional":true,"computed":true},"status":{"type":"string","description":"The status of the subnet","description_kind":"plain","computed":true},"tags":{"type":["set","string"],"description":"List of tags","description_kind":"plain","optional":true,"computed":true},"total_ipv4_address_count":{"type":"number","description":"The total number of IPv4 addresses in this subnet.","description_kind":"plain","optional":true,"computed":true},"vpc":{"type":"string","description":"VPC instance ID","description_kind":"plain","required":true},"zone":{"type":"string","description":"Subnet zone info","description_kind":"plain","required":true}},"block_types":{"timeouts":{"nesting_mode":"single","block":{"attributes":{"create":{"type":"string","description_kind":"plain","optional":true},"delete":{"type":"string","description_kind":"plain","optional":true},"update":{"type":"string","description_kind":"plain","optional":true}},"description_kind":"plain"}}},"description_kind":"plain"}},"ibm_is_subnet_network_acl_attachment":{"version":0,"block":{"attributes":{"id":{"type":"string","description_kind":"plain","optional":true,"computed":true},"name":{"type":"string","description":"Network ACL name","description_kind":"plain","computed":true},"network_acl":{"type":"string","description":"The unique identifier of network ACL","description_kind":"plain","required":true},"resource_group":{"type":"string","description":"Resource group ID for the network ACL","description_kind":"plain","computed":true},"rules":{"type":["list",["object",{"action":"string","destination":"string","direction":"string","icmp":["list",["object",{"code":"number","type":"number"}]],"id":"string","ip_version":"string","name":"string","source":"string","tcp":["list",["object",{"port_max":"number","port_min":"number","source_port_max":"number","source_port_min":"number"}]],"udp":["list",["object",{"port_max":"number","port_min":"number","source_port_max":"number","source_port_min":"number"}]]}]],"description_kind":"plain","computed":true},"subnet":{"type":"string","description":"The subnet identifier","description_kind":"plain","required":true},"vpc":{"type":"string","description":"Network ACL VPC","description_kind":"plain","computed":true}},"block_types":{"timeouts":{"nesting_mode":"single","block":{"attributes":{"create":{"type":"string","description_kind":"plain","optional":true},"delete":{"type":"string","description_kind":"plain","optional":true},"update":{"type":"string","description_kind":"plain","optional":true}},"description_kind":"plain"}}},"description_kind":"plain"}},"ibm_is_subnet_reserved_ip":{"version":0,"block":{"attributes":{"address":{"type":"string","description":"The user-defined or system-provided name for this reserved IP.","description_kind":"plain","computed":true},"auto_delete":{"type":"bool","description":"If set to true, this reserved IP will be automatically deleted","description_kind":"plain","optional":true,"computed":true},"created_at":{"type":"string","description":"The date and time that the reserved IP was created.","description_kind":"plain","computed":true},"href":{"type":"string","description":"The URL for this reserved IP.","description_kind":"plain","computed":true},"id":{"type":"string","description_kind":"plain","optional":true,"computed":true},"name":{"type":"string","description":"The user-defined or system-provided name for this reserved IP.","description_kind":"plain","optional":true,"computed":true},"owner":{"type":"string","description":"The owner of a reserved IP, defining whether it is managed by the user or the provider.","description_kind":"plain","computed":true},"reserved_ip":{"type":"string","description":"The unique identifier of the reserved IP.","description_kind":"plain","computed":true},"resource_type":{"type":"string","description":"The resource type.","description_kind":"plain","computed":true},"subnet":{"type":"string","description":"The subnet identifier.","description_kind":"plain","required":true},"target":{"type":"string","description":"The unique identifier for target.","description_kind":"plain","optional":true,"computed":true}},"block_types":{"timeouts":{"nesting_mode":"single","block":{"attributes":{"create":{"type":"string","description_kind":"plain","optional":true},"delete":{"type":"string","description_kind":"plain","optional":true}},"description_kind":"plain"}}},"description_kind":"plain"}},"ibm_is_virtual_endpoint_gateway":{"version":0,"block":{"attributes":{"created_at":{"type":"string","description":"Endpoint gateway created date and time","description_kind":"plain","computed":true},"health_state":{"type":"string","description":"Endpoint gateway health state","description_kind":"plain","computed":true},"id":{"type":"string","description_kind":"plain","optional":true,"computed":true},"lifecycle_state":{"type":"string","description":"Endpoint gateway lifecycle state","description_kind":"plain","computed":true},"name":{"type":"string","description":"Endpoint gateway name","description_kind":"plain","required":true},"resource_group":{"type":"string","description":"The resource group id","description_kind":"plain","optional":true,"computed":true},"resource_type":{"type":"string","description":"Endpoint gateway resource type","description_kind":"plain","computed":true},"tags":{"type":["set","string"],"description":"List of tags for VPE","description_kind":"plain","optional":true,"computed":true},"vpc":{"type":"string","description":"The VPC id","description_kind":"plain","required":true}},"block_types":{"ips":{"nesting_mode":"list","block":{"attributes":{"id":{"type":"string","description":"The IPs id","description_kind":"plain","optional":true,"computed":true},"name":{"type":"string","description":"The IPs name","description_kind":"plain","optional":true,"computed":true},"resource_type":{"type":"string","description":"The VPC Resource Type","description_kind":"plain","computed":true},"subnet":{"type":"string","description":"The Subnet id","description_kind":"plain","optional":true,"computed":true}},"description":"Endpoint gateway resource group","description_kind":"plain"}},"target":{"nesting_mode":"list","block":{"attributes":{"crn":{"type":"string","description":"The target crn","description_kind":"plain","optional":true},"name":{"type":"string","description":"The target name","description_kind":"plain","optional":true},"resource_type":{"type":"string","description":"The target resource type","description_kind":"plain","required":true}},"description":"Endpoint gateway target","description_kind":"plain"},"min_items":1,"max_items":1},"timeouts":{"nesting_mode":"single","block":{"attributes":{"create":{"type":"string","description_kind":"plain","optional":true},"delete":{"type":"string","description_kind":"plain","optional":true},"update":{"type":"string","description_kind":"plain","optional":true}},"description_kind":"plain"}}},"description_kind":"plain"}},"ibm_is_virtual_endpoint_gateway_ip":{"version":0,"block":{"attributes":{"address":{"type":"string","description":"Endpoint gateway IP address","description_kind":"plain","computed":true},"auto_delete":{"type":"bool","description":"Endpoint gateway IP auto delete","description_kind":"plain","computed":true},"created_at":{"type":"string","description":"Endpoint gateway IP created date and time","description_kind":"plain","computed":true},"gateway":{"type":"string","description":"Endpoint gateway ID","description_kind":"plain","required":true},"id":{"type":"string","description_kind":"plain","optional":true,"computed":true},"name":{"type":"string","description":"Endpoint gateway IP name","description_kind":"plain","computed":true},"reserved_ip":{"type":"string","description":"Endpoint gateway IP id","description_kind":"plain","required":true},"resource_type":{"type":"string","description":"Endpoint gateway IP resource type","description_kind":"plain","computed":true},"target":{"type":["list",["object",{"id":"string","name":"string","resource_type":"string"}]],"description":"Endpoint gateway detail","description_kind":"plain","computed":true}},"block_types":{"timeouts":{"nesting_mode":"single","block":{"attributes":{"create":{"type":"string","description_kind":"plain","optional":true},"delete":{"type":"string","description_kind":"plain","optional":true},"update":{"type":"string","description_kind":"plain","optional":true}},"description_kind":"plain"}}},"description_kind":"plain"}},"ibm_is_volume":{"version":0,"block":{"attributes":{"capacity":{"type":"number","description":"Vloume capacity value","description_kind":"plain","optional":true},"crn":{"type":"string","description":"CRN value for the volume instance","description_kind":"plain","computed":true},"encryption_key":{"type":"string","description":"Volume encryption key info","description_kind":"plain","optional":true,"computed":true},"id":{"type":"string","description_kind":"plain","optional":true,"computed":true},"iops":{"type":"number","description":"IOPS value for the Volume","description_kind":"plain","optional":true,"computed":true},"name":{"type":"string","description":"Volume name","description_kind":"plain","required":true},"profile":{"type":"string","description":"Volume profile name","description_kind":"plain","required":true},"resource_controller_url":{"type":"string","description":"The URL of the IBM Cloud dashboard that can be used to explore and view details about this instance","description_kind":"plain","computed":true},"resource_crn":{"type":"string","description":"The crn of the resource","description_kind":"plain","computed":true},"resource_group":{"type":"string","description":"Resource group name","description_kind":"plain","optional":true,"computed":true},"resource_group_name":{"type":"string","description":"The resource group name in which resource is provisioned","description_kind":"plain","computed":true},"resource_name":{"type":"string","description":"The name of the resource","description_kind":"plain","computed":true},"resource_status":{"type":"string","description":"The status of the resource","description_kind":"plain","computed":true},"status":{"type":"string","description":"Volume status","description_kind":"plain","computed":true},"status_reasons":{"type":["list",["object",{"code":"string","message":"string"}]],"description_kind":"plain","computed":true},"tags":{"type":["set","string"],"description":"Tags for the volume instance","description_kind":"plain","optional":true,"computed":true},"zone":{"type":"string","description":"Zone name","description_kind":"plain","required":true}},"block_types":{"timeouts":{"nesting_mode":"single","block":{"attributes":{"create":{"type":"string","description_kind":"plain","optional":true},"delete":{"type":"string","description_kind":"plain","optional":true}},"description_kind":"plain"}}},"description_kind":"plain"}},"ibm_is_vpc":{"version":0,"block":{"attributes":{"address_prefix_management":{"type":"string","description":"Address Prefix management value","description_kind":"plain","optional":true},"classic_access":{"type":"bool","description":"Set to true if classic access needs to enabled to VPC","description_kind":"plain","optional":true},"crn":{"type":"string","description":"The crn of the resource","description_kind":"plain","computed":true},"cse_source_addresses":{"type":["list",["object",{"address":"string","zone_name":"string"}]],"description_kind":"plain","computed":true},"default_network_acl":{"type":"string","description":"Default network ACL","description_kind":"plain","deprecated":true,"optional":true,"computed":true},"default_network_acl_name":{"type":"string","description":"Default Network ACL name","description_kind":"plain","optional":true,"computed":true},"default_routing_table":{"type":"string","description":"Default routing table associated with VPC","description_kind":"plain","computed":true},"default_routing_table_name":{"type":"string","description":"Default routing table name","description_kind":"plain","optional":true,"computed":true},"default_security_group":{"type":"string","description":"Security group associated with VPC","description_kind":"plain","computed":true},"default_security_group_name":{"type":"string","description":"Default security group name","description_kind":"plain","optional":true,"computed":true},"id":{"type":"string","description_kind":"plain","optional":true,"computed":true},"name":{"type":"string","description":"VPC name","description_kind":"plain","required":true},"resource_controller_url":{"type":"string","description":"The URL of the IBM Cloud dashboard that can be used to explore and view details about this instance","description_kind":"plain","computed":true},"resource_crn":{"type":"string","description":"The crn of the resource","description_kind":"plain","computed":true},"resource_group":{"type":"string","description":"Resource group info","description_kind":"plain","optional":true,"computed":true},"resource_group_name":{"type":"string","description":"The resource group name in which resource is provisioned","description_kind":"plain","computed":true},"resource_name":{"type":"string","description":"The name of the resource","description_kind":"plain","computed":true},"resource_status":{"type":"string","description":"The status of the resource","description_kind":"plain","computed":true},"security_group":{"type":["list",["object",{"group_id":"string","group_name":"string","rules":["list",["object",{"code":"number","direction":"string","ip_version":"string","port_max":"number","port_min":"number","protocol":"string","remote":"string","rule_id":"string","type":"number"}]]}]],"description_kind":"plain","computed":true},"status":{"type":"string","description":"VPC status","description_kind":"plain","computed":true},"subnets":{"type":["list",["object",{"available_ipv4_address_count":"number","id":"string","name":"string","status":"string","total_ipv4_address_count":"number","zone":"string"}]],"description_kind":"plain","computed":true},"tags":{"type":["set","string"],"description":"List of tags","description_kind":"plain","optional":true,"computed":true}},"block_types":{"timeouts":{"nesting_mode":"single","block":{"attributes":{"create":{"type":"string","description_kind":"plain","optional":true},"delete":{"type":"string","description_kind":"plain","optional":true}},"description_kind":"plain"}}},"description_kind":"plain"}},"ibm_is_vpc_address_prefix":{"version":0,"block":{"attributes":{"cidr":{"type":"string","description":"CIDIR address prefix","description_kind":"plain","required":true},"has_subnets":{"type":"bool","description":"Boolean value, set to true if VPC instance have subnets","description_kind":"plain","computed":true},"id":{"type":"string","description_kind":"plain","optional":true,"computed":true},"is_default":{"type":"bool","description":"Is default prefix for this zone in this VPC","description_kind":"plain","optional":true},"name":{"type":"string","description":"Name","description_kind":"plain","required":true},"related_crn":{"type":"string","description":"The crn of the VPC resource","description_kind":"plain","computed":true},"vpc":{"type":"string","description":"VPC id","description_kind":"plain","required":true},"zone":{"type":"string","description":"Zone name","description_kind":"plain","required":true}},"description_kind":"plain"}},"ibm_is_vpc_route":{"version":0,"block":{"attributes":{"destination":{"type":"string","description":"VPC route destination CIDR value","description_kind":"plain","required":true},"id":{"type":"string","description_kind":"plain","optional":true,"computed":true},"name":{"type":"string","description":"VPC route name","description_kind":"plain","required":true},"next_hop":{"type":"string","description":"VPC route next hop value","description_kind":"plain","required":true},"related_crn":{"type":"string","description":"The crn of the VPC resource","description_kind":"plain","computed":true},"status":{"type":"string","description_kind":"plain","computed":true},"vpc":{"type":"string","description":"VPC instance ID","description_kind":"plain","required":true},"zone":{"type":"string","description":"VPC route location","description_kind":"plain","required":true}},"block_types":{"timeouts":{"nesting_mode":"single","block":{"attributes":{"create":{"type":"string","description_kind":"plain","optional":true},"delete":{"type":"string","description_kind":"plain","optional":true}},"description_kind":"plain"}}},"description_kind":"plain"}},"ibm_is_vpc_routing_table":{"version":0,"block":{"attributes":{"created_at":{"type":"string","description":"Routing table Created At","description_kind":"plain","computed":true},"href":{"type":"string","description":"Routing table Href","description_kind":"plain","computed":true},"id":{"type":"string","description_kind":"plain","optional":true,"computed":true},"is_default":{"type":"bool","description":"Indicates whether this is the default routing table for this VPC","description_kind":"plain","computed":true},"lifecycle_state":{"type":"string","description":"Routing table Lifecycle State","description_kind":"plain","computed":true},"name":{"type":"string","description":"The user-defined name for this routing table.","description_kind":"plain","optional":true,"computed":true},"resource_type":{"type":"string","description":"Routing table Resource Type","description_kind":"plain","computed":true},"route_direct_link_ingress":{"type":"bool","description":"If set to true, this routing table will be used to route traffic that originates from Direct Link to this VPC.","description_kind":"plain","optional":true},"route_transit_gateway_ingress":{"type":"bool","description":"If set to true, this routing table will be used to route traffic that originates from Transit Gateway to this VPC.","description_kind":"plain","optional":true},"route_vpc_zone_ingress":{"type":"bool","description":"If set to true, this routing table will be used to route traffic that originates from subnets in other zones in this VPC.","description_kind":"plain","optional":true},"routing_table":{"type":"string","description":"The routing table identifier.","description_kind":"plain","computed":true},"subnets":{"type":["list",["object",{"id":"string","name":"string"}]],"description_kind":"plain","computed":true},"vpc":{"type":"string","description":"The VPC identifier.","description_kind":"plain","required":true}},"block_types":{"timeouts":{"nesting_mode":"single","block":{"attributes":{"create":{"type":"string","description_kind":"plain","optional":true},"delete":{"type":"string","description_kind":"plain","optional":true},"update":{"type":"string","description_kind":"plain","optional":true}},"description_kind":"plain"}}},"description_kind":"plain"}},"ibm_is_vpc_routing_table_route":{"version":0,"block":{"attributes":{"action":{"type":"string","description":"The action to perform with a packet matching the route.","description_kind":"plain","optional":true},"created_at":{"type":"string","description":"Routing table route Created At","description_kind":"plain","computed":true},"destination":{"type":"string","description":"The destination of the route.","description_kind":"plain","required":true},"href":{"type":"string","description":"Routing table route Href","description_kind":"plain","computed":true},"id":{"type":"string","description_kind":"plain","optional":true,"computed":true},"lifecycle_state":{"type":"string","description":"Routing table route Lifecycle State","description_kind":"plain","computed":true},"name":{"type":"string","description":"The user-defined name for this route.","description_kind":"plain","optional":true,"computed":true},"next_hop":{"type":"string","description":"If action is deliver, the next hop that packets will be delivered to. For other action values, its address will be 0.0.0.0.","description_kind":"plain","required":true},"origin":{"type":"string","description":"The origin of this route.","description_kind":"plain","computed":true},"route_id":{"type":"string","description":"The routing table route identifier.","description_kind":"plain","computed":true},"routing_table":{"type":"string","description":"The routing table identifier.","description_kind":"plain","required":true},"vpc":{"type":"string","description":"The VPC identifier.","description_kind":"plain","required":true},"zone":{"type":"string","description":"The zone to apply the route to. Traffic from subnets in this zone will be subject to this route.","description_kind":"plain","required":true}},"block_types":{"timeouts":{"nesting_mode":"single","block":{"attributes":{"create":{"type":"string","description_kind":"plain","optional":true},"delete":{"type":"string","description_kind":"plain","optional":true},"update":{"type":"string","description_kind":"plain","optional":true}},"description_kind":"plain"}}},"description_kind":"plain"}},"ibm_is_vpn_gateway":{"version":0,"block":{"attributes":{"created_at":{"type":"string","description":"Created Time of the VPN Gateway","description_kind":"plain","computed":true},"id":{"type":"string","description_kind":"plain","optional":true,"computed":true},"members":{"type":["list",["object",{"address":"string","private_address":"string","role":"string","status":"string"}]],"description":"Collection of VPN gateway members","description_kind":"plain","computed":true},"mode":{"type":"string","description":"mode in VPN gateway(route/policy)","description_kind":"plain","optional":true},"name":{"type":"string","description":"VPN Gateway instance name","description_kind":"plain","required":true},"private_ip_address":{"type":"string","description":"The Private IP address assigned to the VPN gateway member.","description_kind":"plain","computed":true},"private_ip_address2":{"type":"string","description":"The Second Private IP address assigned to the VPN gateway member.","description_kind":"plain","computed":true},"public_ip_address":{"type":"string","description":"The public IP address assigned to the VPN gateway member.","description_kind":"plain","computed":true},"public_ip_address2":{"type":"string","description":"The second public IP address assigned to the VPN gateway member.","description_kind":"plain","computed":true},"resource_controller_url":{"type":"string","description":"The URL of the IBM Cloud dashboard that can be used to explore and view details about this instance","description_kind":"plain","computed":true},"resource_crn":{"type":"string","description":"The crn of the resource","description_kind":"plain","computed":true},"resource_group":{"type":"string","description":"The resource group for this VPN gateway","description_kind":"plain","optional":true,"computed":true},"resource_group_name":{"type":"string","description":"The resource group name in which resource is provisioned","description_kind":"plain","computed":true},"resource_name":{"type":"string","description":"The name of the resource","description_kind":"plain","computed":true},"resource_status":{"type":"string","description":"The status of the resource","description_kind":"plain","computed":true},"status":{"type":"string","description":"The status of the VPN gateway","description_kind":"plain","computed":true},"subnet":{"type":"string","description":"VPNGateway subnet info","description_kind":"plain","required":true},"tags":{"type":["set","string"],"description":"VPN Gateway tags list","description_kind":"plain","optional":true,"computed":true}},"block_types":{"timeouts":{"nesting_mode":"single","block":{"attributes":{"create":{"type":"string","description_kind":"plain","optional":true},"delete":{"type":"string","description_kind":"plain","optional":true}},"description_kind":"plain"}}},"description_kind":"plain"}},"ibm_is_vpn_gateway_connection":{"version":0,"block":{"attributes":{"action":{"type":"string","description":"Action detection for dead peer detection action","description_kind":"plain","optional":true},"admin_state_up":{"type":"bool","description":"VPN gateway connection admin state","description_kind":"plain","optional":true},"authentication_mode":{"type":"string","description":"The authentication mode","description_kind":"plain","computed":true},"created_at":{"type":"string","description":"The date and time that this VPN gateway connection was created","description_kind":"plain","computed":true},"gateway_connection":{"type":"string","description":"The unique identifier for this VPN gateway connection","description_kind":"plain","computed":true},"id":{"type":"string","description_kind":"plain","optional":true,"computed":true},"ike_policy":{"type":"string","description":"VPN gateway connection IKE Policy","description_kind":"plain","optional":true},"interval":{"type":"number","description":"Interval for dead peer detection interval","description_kind":"plain","optional":true},"ipsec_policy":{"type":"string","description":"IP security policy for vpn gateway connection","description_kind":"plain","optional":true},"local_cidrs":{"type":["set","string"],"description":"VPN gateway connection local CIDRs","description_kind":"plain","optional":true},"mode":{"type":"string","description":"The mode of the VPN gateway","description_kind":"plain","computed":true},"name":{"type":"string","description":"VPN Gateway connection name","description_kind":"plain","required":true},"peer_address":{"type":"string","description":"VPN gateway connection peer address","description_kind":"plain","required":true},"peer_cidrs":{"type":["set","string"],"description":"VPN gateway connection peer CIDRs","description_kind":"plain","optional":true},"preshared_key":{"type":"string","description":"vpn gateway","description_kind":"plain","required":true},"related_crn":{"type":"string","description":"The crn of the VPN Gateway resource","description_kind":"plain","computed":true},"resource_type":{"type":"string","description":"The resource type","description_kind":"plain","computed":true},"status":{"type":"string","description":"VPN gateway connection status","description_kind":"plain","computed":true},"timeout":{"type":"number","description":"Timeout for dead peer detection","description_kind":"plain","optional":true},"tunnels":{"type":["list",["object",{"address":"string","status":"string"}]],"description":"The VPN tunnel configuration for this VPN gateway connection (in static route mode)","description_kind":"plain","computed":true},"vpn_gateway":{"type":"string","description":"VPN Gateway info","description_kind":"plain","required":true}},"block_types":{"timeouts":{"nesting_mode":"single","block":{"attributes":{"delete":{"type":"string","description_kind":"plain","optional":true}},"description_kind":"plain"}}},"description_kind":"plain"}},"ibm_kms_key":{"version":0,"block":{"attributes":{"crn":{"type":"string","description":"Crn of the key","description_kind":"plain","computed":true},"encrypted_nonce":{"type":"string","description":"Only for imported root key","description_kind":"plain","optional":true},"endpoint_type":{"type":"string","description":"public or private","description_kind":"plain","optional":true},"expiration_date":{"type":"string","description":"The date the key material expires. The date format follows RFC 3339. You can set an expiration date on any key on its creation. A key moves into the Deactivated state within one hour past its expiration date, if one is assigned. If you create a key without specifying an expiration date, the key does not expire","description_kind":"plain","optional":true},"force_delete":{"type":"bool","description":"set to true to force delete the key","description_kind":"plain","optional":true},"id":{"type":"string","description_kind":"plain","optional":true,"computed":true},"instance_id":{"type":"string","description":"Key protect or hpcs instance GUID","description_kind":"plain","required":true},"iv_value":{"type":"string","description":"Only for imported root key","description_kind":"plain","optional":true},"key_id":{"type":"string","description":"Key ID","description_kind":"plain","computed":true},"key_name":{"type":"string","description":"Key name","description_kind":"plain","required":true},"key_ring_id":{"type":"string","description":"Key Ring for the Key","description_kind":"plain","optional":true},"payload":{"type":"string","description_kind":"plain","optional":true,"computed":true},"resource_controller_url":{"type":"string","description":"The URL of the IBM Cloud dashboard that can be used to explore and view details about the resource","description_kind":"plain","computed":true},"resource_crn":{"type":"string","description":"The crn of the resource","description_kind":"plain","computed":true},"resource_group_name":{"type":"string","description":"The resource group name in which resource is provisioned","description_kind":"plain","computed":true},"resource_name":{"type":"string","description":"The name of the resource","description_kind":"plain","computed":true},"resource_status":{"type":"string","description":"The status of the resource","description_kind":"plain","computed":true},"standard_key":{"type":"bool","description":"Standard key type","description_kind":"plain","optional":true},"type":{"type":"string","description":"type of service hs-crypto or kms","description_kind":"plain","computed":true}},"block_types":{"policies":{"nesting_mode":"list","block":{"block_types":{"dual_auth_delete":{"nesting_mode":"list","block":{"attributes":{"created_by":{"type":"string","description":"The unique identifier for the resource that created the policy.","description_kind":"plain","computed":true},"creation_date":{"type":"string","description":"The date the policy was created. The date format follows RFC 3339.","description_kind":"plain","computed":true},"crn":{"type":"string","description":"Cloud Resource Name (CRN) that uniquely identifies your cloud resources.","description_kind":"plain","computed":true},"enabled":{"type":"bool","description":"If set to true, Key Protect enables a dual authorization policy on a single key.","description_kind":"plain","required":true},"id":{"type":"string","description":"The v4 UUID used to uniquely identify the policy resource, as specified by RFC 4122.","description_kind":"plain","computed":true},"last_update_date":{"type":"string","description":"Updates when the policy is replaced or modified. The date format follows RFC 3339.","description_kind":"plain","computed":true},"updated_by":{"type":"string","description":"The unique identifier for the resource that updated the policy.","description_kind":"plain","computed":true}},"description":"Data associated with the dual authorization delete policy.","description_kind":"plain"}},"rotation":{"nesting_mode":"list","block":{"attributes":{"created_by":{"type":"string","description":"The unique identifier for the resource that created the policy.","description_kind":"plain","computed":true},"creation_date":{"type":"string","description":"The date the policy was created. The date format follows RFC 3339.","description_kind":"plain","computed":true},"crn":{"type":"string","description":"Cloud Resource Name (CRN) that uniquely identifies your cloud resources.","description_kind":"plain","computed":true},"id":{"type":"string","description":"The v4 UUID used to uniquely identify the policy resource, as specified by RFC 4122.","description_kind":"plain","computed":true},"interval_month":{"type":"number","description":"Specifies the key rotation time interval in months","description_kind":"plain","required":true},"last_update_date":{"type":"string","description":"Updates when the policy is replaced or modified. The date format follows RFC 3339.","description_kind":"plain","computed":true},"updated_by":{"type":"string","description":"The unique identifier for the resource that updated the policy.","description_kind":"plain","computed":true}},"description":"Specifies the key rotation time interval in months, with a minimum of 1, and a maximum of 12","description_kind":"plain"}}},"description":"Creates or updates one or more policies for the specified key","description_kind":"plain"},"max_items":1},"timeouts":{"nesting_mode":"single","block":{"attributes":{"create":{"type":"string","description_kind":"plain","optional":true},"update":{"type":"string","description_kind":"plain","optional":true}},"description_kind":"plain"}}},"description_kind":"plain"}},"ibm_kms_key_alias":{"version":0,"block":{"attributes":{"alias":{"type":"string","description":"Key protect or hpcs key alias name","description_kind":"plain","required":true},"endpoint_type":{"type":"string","description":"public or private","description_kind":"plain","optional":true},"id":{"type":"string","description_kind":"plain","optional":true,"computed":true},"instance_id":{"type":"string","description":"Key ID","description_kind":"plain","required":true},"key_id":{"type":"string","description":"Key ID","description_kind":"plain","required":true}},"description_kind":"plain"}},"ibm_kms_key_rings":{"version":0,"block":{"attributes":{"endpoint_type":{"type":"string","description":"public or private","description_kind":"plain","optional":true},"id":{"type":"string","description_kind":"plain","optional":true,"computed":true},"instance_id":{"type":"string","description":"Key protect Instance GUID","description_kind":"plain","required":true},"key_ring_id":{"type":"string","description":"User defined unique ID for the key ring","description_kind":"plain","required":true}},"description_kind":"plain"}},"ibm_kp_key":{"version":0,"block":{"attributes":{"crn":{"type":"string","description":"Crn of the key","description_kind":"plain","computed":true},"encrypted_nonce":{"type":"string","description":"Only for imported root key","description_kind":"plain","optional":true},"force_delete":{"type":"bool","description":"set to true to force delete the key","description_kind":"plain","optional":true},"id":{"type":"string","description_kind":"plain","optional":true,"computed":true},"iv_value":{"type":"string","description":"Only for imported root key","description_kind":"plain","optional":true},"key_id":{"type":"string","description":"Key ID","description_kind":"plain","computed":true},"key_name":{"type":"string","description":"Key name","description_kind":"plain","required":true},"key_protect_id":{"type":"string","description":"Key protect instance ID","description_kind":"plain","required":true},"payload":{"type":"string","description_kind":"plain","optional":true,"computed":true},"resource_controller_url":{"type":"string","description":"The URL of the IBM Cloud dashboard that can be used to explore and view details about the resource","description_kind":"plain","computed":true},"resource_crn":{"type":"string","description":"The crn of the resource","description_kind":"plain","computed":true},"resource_group_name":{"type":"string","description":"The resource group name in which resource is provisioned","description_kind":"plain","computed":true},"resource_name":{"type":"string","description":"The name of the resource","description_kind":"plain","computed":true},"resource_status":{"type":"string","description":"The status of the resource","description_kind":"plain","computed":true},"standard_key":{"type":"bool","description":"Standard key type","description_kind":"plain","optional":true}},"block_types":{"timeouts":{"nesting_mode":"single","block":{"attributes":{"create":{"type":"string","description_kind":"plain","optional":true},"update":{"type":"string","description_kind":"plain","optional":true}},"description_kind":"plain"}}},"description_kind":"plain"}},"ibm_lb":{"version":0,"block":{"attributes":{"connections":{"type":"number","description":"Connections value","description_kind":"plain","required":true},"datacenter":{"type":"string","description":"Datacenter name info","description_kind":"plain","required":true},"dedicated":{"type":"bool","description":"Boolena value true if Load balncer is dedicated type","description_kind":"plain","optional":true},"ha_enabled":{"type":"bool","description":"true if High availability is enabled","description_kind":"plain","optional":true},"hostname":{"type":"string","description_kind":"plain","computed":true},"id":{"type":"string","description_kind":"plain","optional":true,"computed":true},"ip_address":{"type":"string","description_kind":"plain","computed":true},"security_certificate_id":{"type":"number","description":"Security certificate ID","description_kind":"plain","optional":true},"ssl_enabled":{"type":"bool","description_kind":"plain","computed":true},"ssl_offload":{"type":"bool","description":"boolean value true if SSL offload is enabled","description_kind":"plain","optional":true},"subnet_id":{"type":"number","description_kind":"plain","computed":true},"tags":{"type":["set","string"],"description":"Tags associated with resource","description_kind":"plain","optional":true}},"block_types":{"timeouts":{"nesting_mode":"single","block":{"attributes":{"create":{"type":"string","description_kind":"plain","optional":true}},"description_kind":"plain"}}},"description_kind":"plain"}},"ibm_lb_service":{"version":0,"block":{"attributes":{"enabled":{"type":"bool","description":"Boolean value true, if enabled else false","description_kind":"plain","required":true},"health_check_type":{"type":"string","description":"health check type","description_kind":"plain","required":true},"id":{"type":"string","description_kind":"plain","optional":true,"computed":true},"ip_address_id":{"type":"number","description":"IP Address ID","description_kind":"plain","required":true},"port":{"type":"number","description":"Port number","description_kind":"plain","required":true},"service_group_id":{"type":"number","description":"service group ID","description_kind":"plain","required":true},"tags":{"type":["set","string"],"description":"Tags for the resource","description_kind":"plain","optional":true},"weight":{"type":"number","description":"Weight value","description_kind":"plain","required":true}},"description_kind":"plain"}},"ibm_lb_service_group":{"version":0,"block":{"attributes":{"allocation":{"type":"number","description":"Allocation type","description_kind":"plain","required":true},"id":{"type":"string","description_kind":"plain","optional":true,"computed":true},"load_balancer_id":{"type":"number","description":"Loadbalancer ID","description_kind":"plain","required":true},"port":{"type":"number","description":"Port number","description_kind":"plain","required":true},"routing_method":{"type":"string","description":"Routing method","description_kind":"plain","required":true},"routing_type":{"type":"string","description":"Routing type","description_kind":"plain","required":true},"service_group_id":{"type":"number","description":"Service group ID","description_kind":"plain","computed":true},"tags":{"type":["set","string"],"description":"List of tags","description_kind":"plain","optional":true},"timeout":{"type":"number","description":"Timeout value","description_kind":"plain","optional":true},"virtual_server_id":{"type":"number","description":"Virtual server ID","description_kind":"plain","computed":true}},"description_kind":"plain"}},"ibm_lb_vpx":{"version":0,"block":{"attributes":{"datacenter":{"type":"string","description":"Datacenter name","description_kind":"plain","required":true},"id":{"type":"string","description_kind":"plain","optional":true,"computed":true},"ip_count":{"type":"number","description":"IP address count","description_kind":"plain","required":true},"management_ip_address":{"type":"string","description":"management IP address","description_kind":"plain","computed":true},"name":{"type":"string","description":"Name","description_kind":"plain","computed":true},"plan":{"type":"string","description":"Plan info","description_kind":"plain","required":true},"private_subnet":{"type":"string","description":"Private subnet","description_kind":"plain","optional":true,"computed":true},"private_vlan_id":{"type":"number","description":"Private VLAN id","description_kind":"plain","optional":true,"computed":true},"public_subnet":{"type":"string","description":"Public subnet","description_kind":"plain","optional":true,"computed":true},"public_vlan_id":{"type":"number","description":"Piblic VLAN id","description_kind":"plain","optional":true,"computed":true},"speed":{"type":"number","description":"Speed value","description_kind":"plain","required":true},"tags":{"type":["set","string"],"description":"List of the tags","description_kind":"plain","optional":true},"type":{"type":"string","description":"Type of the VPX","description_kind":"plain","computed":true},"version":{"type":"string","description":"version info","description_kind":"plain","required":true},"vip_pool":{"type":["list","string"],"description":"List of VIP ids","description_kind":"plain","computed":true}},"description_kind":"plain"}},"ibm_lb_vpx_ha":{"version":0,"block":{"attributes":{"id":{"type":"string","description_kind":"plain","optional":true,"computed":true},"primary_id":{"type":"number","description":"primary ID","description_kind":"plain","required":true},"secondary_id":{"type":"number","description":"Secondary ID","description_kind":"plain","required":true},"stay_secondary":{"type":"bool","description":"Boolean value for stay secondary","description_kind":"plain","optional":true,"computed":true},"tags":{"type":["set","string"],"description":"Tags set for the resource","description_kind":"plain","optional":true}},"description_kind":"plain"}},"ibm_lb_vpx_service":{"version":0,"block":{"attributes":{"connection_limit":{"type":"number","description":"Number of connections limit","description_kind":"plain","required":true},"destination_ip_address":{"type":"string","description":"Destination IP Address","description_kind":"plain","required":true},"destination_port":{"type":"number","description":"Destination Port number","description_kind":"plain","required":true},"health_check":{"type":"string","description":"Health check info","description_kind":"plain","required":true},"id":{"type":"string","description_kind":"plain","optional":true,"computed":true},"name":{"type":"string","description":"name","description_kind":"plain","required":true},"tags":{"type":["set","string"],"description":"list of tags associated with the resource","description_kind":"plain","optional":true},"usip":{"type":"string","description":"usip info","description_kind":"plain","optional":true},"vip_id":{"type":"string","description":"VIP id","description_kind":"plain","required":true},"weight":{"type":"number","description":"Weight value","description_kind":"plain","required":true}},"description_kind":"plain"}},"ibm_lb_vpx_vip":{"version":0,"block":{"attributes":{"id":{"type":"string","description_kind":"plain","optional":true,"computed":true},"load_balancing_method":{"type":"string","description":"Load balancing method","description_kind":"plain","required":true},"nad_controller_id":{"type":"number","description":"NAD controller ID","description_kind":"plain","required":true},"name":{"type":"string","description":"Name","description_kind":"plain","required":true},"persistence":{"type":"string","description":"Persistance value","description_kind":"plain","optional":true,"computed":true},"security_certificate_id":{"type":"number","description":"security certificate ID","description_kind":"plain","optional":true},"source_port":{"type":"number","description":"Source Port number","description_kind":"plain","required":true},"tags":{"type":["set","string"],"description":"List of tags","description_kind":"plain","optional":true},"type":{"type":"string","description":"Type","description_kind":"plain","required":true},"virtual_ip_address":{"type":"string","description":"Virtual IP address","description_kind":"plain","required":true}},"description_kind":"plain"}},"ibm_lbaas":{"version":0,"block":{"attributes":{"datacenter":{"type":"string","description_kind":"plain","computed":true},"description":{"type":"string","description":"Description of a load balancer.","description_kind":"plain","optional":true},"health_monitors":{"type":["list",["object",{"interval":"number","max_retries":"number","monitor_id":"string","port":"number","protocol":"string","timeout":"number","url_path":"string"}]],"description_kind":"plain","computed":true},"id":{"type":"string","description_kind":"plain","optional":true,"computed":true},"name":{"type":"string","description":"The load balancer's name.","description_kind":"plain","required":true},"resource_controller_url":{"type":"string","description":"The URL of the IBM Cloud dashboard that can be used to explore and view details about this instance","description_kind":"plain","computed":true},"resource_name":{"type":"string","description":"The name of the resource","description_kind":"plain","computed":true},"resource_status":{"type":"string","description":"The status of the resource","description_kind":"plain","computed":true},"ssl_ciphers":{"type":["set","string"],"description_kind":"plain","optional":true,"computed":true},"status":{"type":"string","description":"The operation status 'ONLINE' or 'OFFLINE' of a load balancer.","description_kind":"plain","computed":true},"subnets":{"type":["list","number"],"description":"The subnet where this Load Balancer will be provisioned.","description_kind":"plain","required":true},"type":{"type":"string","description":"Specifies if a load balancer is public or private","description_kind":"plain","optional":true},"use_system_public_ip_pool":{"type":"bool","description":"\"in public loadbalancer - Public IP address allocation done by system public IP pool or public subnet.\"","description_kind":"plain","optional":true,"computed":true},"vip":{"type":"string","description":"The virtual ip address of this load balancer","description_kind":"plain","computed":true},"wait_time_minutes":{"type":"number","description_kind":"plain","optional":true}},"block_types":{"protocols":{"nesting_mode":"set","block":{"attributes":{"backend_port":{"type":"number","description":"Backend Protocol port number. Should be in range (1, 65535)","description_kind":"plain","required":true},"backend_protocol":{"type":"string","description":"Backend protocol, one of 'TCP', 'HTTP', 'HTTPS'.","description_kind":"plain","required":true},"frontend_port":{"type":"number","description":"Frontend Protocol port number. Should be in range (1, 65535)","description_kind":"plain","required":true},"frontend_protocol":{"type":"string","description":"Frontend protocol, one of 'TCP', 'HTTP', 'HTTPS'.","description_kind":"plain","required":true},"load_balancing_method":{"type":"string","description":"Load balancing algorithm: 'round_robin', 'weighted_round_robin', 'least_connection'","description_kind":"plain","optional":true},"max_conn":{"type":"number","description":"No. of connections the listener can accept. Should be between 1-64000","description_kind":"plain","optional":true},"protocol_id":{"type":"string","description":"The UUID of a load balancer protocol","description_kind":"plain","computed":true},"session_stickiness":{"type":"string","description":"Session stickness. Valid values is SOURCE_IP and HTTP_COOKIE","description_kind":"plain","optional":true},"tls_certificate_id":{"type":"number","description":"This references to SSL/TLS certificate for a protocol","description_kind":"plain","optional":true}},"description":"Protocols to be assigned to this load balancer.","description_kind":"plain"}}},"description_kind":"plain"}},"ibm_lbaas_health_monitor":{"version":0,"block":{"attributes":{"id":{"type":"string","description_kind":"plain","optional":true,"computed":true},"interval":{"type":"number","description":"Interval value","description_kind":"plain","optional":true},"lbaas_id":{"type":"string","description":"LBAAS id","description_kind":"plain","required":true},"max_retries":{"type":"number","description":"Maximum retry counts","description_kind":"plain","optional":true},"monitor_id":{"type":"string","description":"Monitor ID","description_kind":"plain","required":true},"port":{"type":"number","description":"Port number","description_kind":"plain","required":true},"protocol":{"type":"string","description":"Protocol value","description_kind":"plain","required":true},"timeout":{"type":"number","description":"Timeout in seconds","description_kind":"plain","optional":true},"url_path":{"type":"string","description":"URL Path","description_kind":"plain","optional":true}},"description_kind":"plain"}},"ibm_lbaas_server_instance_attachment":{"version":0,"block":{"attributes":{"id":{"type":"string","description_kind":"plain","optional":true,"computed":true},"lbaas_id":{"type":"string","description":"The UUID of a load balancer","description_kind":"plain","required":true},"private_ip_address":{"type":"string","description":"The Private IP address of a load balancer member.","description_kind":"plain","required":true},"uuid":{"type":"string","description":"The UUID of a load balancer member","description_kind":"plain","computed":true},"weight":{"type":"number","description":"The weight of a load balancer member.","description_kind":"plain","optional":true,"computed":true}},"description_kind":"plain"}},"ibm_multi_vlan_firewall":{"version":0,"block":{"attributes":{"addon_configuration":{"type":["list","string"],"description":"High Availability - [Web Filtering Add-on, NGFW Add-on, AV Add-on] or [Web Filtering Add-on, NGFW Add-on, AV Add-on]","description_kind":"plain","optional":true},"datacenter":{"type":"string","description":"Datacenter name","description_kind":"plain","required":true},"firewall_type":{"type":"string","description":"Firewall type","description_kind":"plain","required":true},"id":{"type":"string","description_kind":"plain","optional":true,"computed":true},"name":{"type":"string","description":"name","description_kind":"plain","required":true},"password":{"type":"string","description":"Password","description_kind":"plain","computed":true,"sensitive":true},"pod":{"type":"string","description":"POD name","description_kind":"plain","required":true},"private_ip":{"type":"string","description":"Private IP Address","description_kind":"plain","computed":true},"private_vlan_id":{"type":"number","description":"Private VLAN id","description_kind":"plain","computed":true},"public_ip":{"type":"string","description":"Public IP Address","description_kind":"plain","computed":true},"public_ipv6":{"type":"string","description":"Public IPV6 IP","description_kind":"plain","computed":true},"public_vlan_id":{"type":"number","description":"Public VLAN id","description_kind":"plain","computed":true},"username":{"type":"string","description":"User name","description_kind":"plain","computed":true}},"description_kind":"plain"}},"ibm_network_gateway":{"version":0,"block":{"attributes":{"associated_vlans":{"type":["list",["object",{"bypass":"bool","network_vlan_id":"number","vlan_id":"number"}]],"description":"The VLAN instances associated with this Network Gateway","description_kind":"plain","computed":true},"id":{"type":"string","description_kind":"plain","optional":true,"computed":true},"name":{"type":"string","description":"The name of the gateway","description_kind":"plain","required":true},"post_install_script_uri":{"type":"string","description_kind":"plain","optional":true},"private_ip_address_id":{"type":"number","description_kind":"plain","computed":true},"private_ipv4_address":{"type":"string","description_kind":"plain","computed":true},"private_vlan_id":{"type":"number","description_kind":"plain","computed":true},"public_ip_address_id":{"type":"number","description_kind":"plain","computed":true},"public_ipv4_address":{"type":"string","description_kind":"plain","computed":true},"public_ipv6_address_id":{"type":"number","description_kind":"plain","computed":true},"public_vlan_id":{"type":"number","description_kind":"plain","computed":true},"ssh_key_ids":{"type":["list","number"],"description_kind":"plain","optional":true},"status":{"type":"string","description_kind":"plain","computed":true}},"block_types":{"members":{"nesting_mode":"set","block":{"attributes":{"datacenter":{"type":"string","description_kind":"plain","required":true},"disk_key_names":{"type":["list","string"],"description_kind":"plain","optional":true},"domain":{"type":"string","description_kind":"plain","required":true},"hostname":{"type":"string","description_kind":"plain","optional":true},"ipv6_address":{"type":"string","description_kind":"plain","computed":true},"ipv6_enabled":{"type":"bool","description_kind":"plain","optional":true},"member_id":{"type":"number","description_kind":"plain","computed":true},"memory":{"type":"number","description_kind":"plain","required":true},"network_speed":{"type":"number","description_kind":"plain","optional":true},"notes":{"type":"string","description_kind":"plain","optional":true},"os_key_name":{"type":"string","description_kind":"plain","optional":true},"package_key_name":{"type":"string","description_kind":"plain","optional":true},"post_install_script_uri":{"type":"string","description_kind":"plain","optional":true},"private_ipv4_address":{"type":"string","description_kind":"plain","computed":true},"private_network_only":{"type":"bool","description_kind":"plain","optional":true},"private_vlan_id":{"type":"number","description_kind":"plain","optional":true,"computed":true},"process_key_name":{"type":"string","description_kind":"plain","optional":true},"public_bandwidth":{"type":"number","description_kind":"plain","optional":true},"public_ipv4_address":{"type":"string","description_kind":"plain","computed":true},"public_vlan_id":{"type":"number","description_kind":"plain","optional":true,"computed":true},"redundant_network":{"type":"bool","description_kind":"plain","optional":true},"redundant_power_supply":{"type":"bool","description_kind":"plain","optional":true},"ssh_key_ids":{"type":["list","number"],"description_kind":"plain","optional":true},"tags":{"type":["set","string"],"description_kind":"plain","optional":true},"tcp_monitoring":{"type":"bool","description_kind":"plain","optional":true},"unbonded_network":{"type":"bool","description_kind":"plain","optional":true},"user_metadata":{"type":"string","description_kind":"plain","optional":true}},"block_types":{"storage_groups":{"nesting_mode":"list","block":{"attributes":{"array_size":{"type":"number","description_kind":"plain","optional":true},"array_type_id":{"type":"number","description_kind":"plain","required":true},"hard_drives":{"type":["list","number"],"description_kind":"plain","required":true},"partition_template_id":{"type":"number","description_kind":"plain","optional":true}},"description_kind":"plain"}}},"description":"The hardware members of this network Gateway","description_kind":"plain"},"min_items":1,"max_items":2}},"description_kind":"plain"}},"ibm_network_gateway_vlan_association":{"version":0,"block":{"attributes":{"bypass":{"type":"bool","description":"Indicates if the VLAN should be in bypass or routed modes","description_kind":"plain","optional":true},"gateway_id":{"type":"number","description":"Gateway instance ID","description_kind":"plain","required":true},"id":{"type":"string","description_kind":"plain","optional":true,"computed":true},"network_vlan_id":{"type":"number","description":"The Identifier of the VLAN to be associated","description_kind":"plain","required":true}},"description_kind":"plain"}},"ibm_network_interface_sg_attachment":{"version":0,"block":{"attributes":{"id":{"type":"string","description_kind":"plain","optional":true,"computed":true},"network_interface_id":{"type":"number","description":"Network interface ID","description_kind":"plain","required":true},"security_group_id":{"type":"number","description":"Security group ID","description_kind":"plain","required":true},"soft_reboot":{"type":"bool","description":"Boolean value set to true, if soft reboot needs to be done.","description_kind":"plain","optional":true}},"block_types":{"timeouts":{"nesting_mode":"single","block":{"attributes":{"create":{"type":"string","description_kind":"plain","optional":true}},"description_kind":"plain"}}},"description_kind":"plain"}},"ibm_network_public_ip":{"version":0,"block":{"attributes":{"id":{"type":"string","description_kind":"plain","optional":true,"computed":true},"ip_address":{"type":"string","description":"IP Address","description_kind":"plain","computed":true},"notes":{"type":"string","description":"Additional notes","description_kind":"plain","optional":true},"routes_to":{"type":"string","description":"Route info","description_kind":"plain","required":true},"tags":{"type":["set","string"],"description":"List of tags","description_kind":"plain","optional":true}},"block_types":{"timeouts":{"nesting_mode":"single","block":{"attributes":{"create":{"type":"string","description_kind":"plain","optional":true}},"description_kind":"plain"}}},"description_kind":"plain"}},"ibm_network_vlan":{"version":0,"block":{"attributes":{"child_resource_count":{"type":"number","description":"Child resource count","description_kind":"plain","computed":true},"datacenter":{"type":"string","description":"Datacenter name","description_kind":"plain","required":true},"id":{"type":"string","description_kind":"plain","optional":true,"computed":true},"name":{"type":"string","description":"VLAN name","description_kind":"plain","optional":true},"resource_controller_url":{"type":"string","description":"The URL of the IBM Cloud dashboard that can be used to explore and view details about this instance","description_kind":"plain","computed":true},"resource_name":{"type":"string","description":"The name of the resource","description_kind":"plain","computed":true},"router_hostname":{"type":"string","description":"router host name","description_kind":"plain","optional":true,"computed":true},"softlayer_managed":{"type":"bool","description":"Zzset to true if VLAN is managed by softlayer","description_kind":"plain","computed":true},"subnets":{"type":["set",["object",{"cidr":"number","gateway":"string","subnet":"string","subnet_size":"number","subnet_type":"string"}]],"description_kind":"plain","computed":true},"tags":{"type":["set","string"],"description":"List of tags","description_kind":"plain","optional":true},"type":{"type":"string","description":"VLAN type","description_kind":"plain","required":true},"vlan_number":{"type":"number","description":"VLAN number","description_kind":"plain","computed":true}},"block_types":{"timeouts":{"nesting_mode":"single","block":{"attributes":{"create":{"type":"string","description_kind":"plain","optional":true},"delete":{"type":"string","description_kind":"plain","optional":true}},"description_kind":"plain"}}},"description_kind":"plain"}},"ibm_network_vlan_spanning":{"version":0,"block":{"attributes":{"id":{"type":"string","description_kind":"plain","optional":true,"computed":true},"vlan_spanning":{"type":"string","description":"VLAN Spanning set to On or Off","description_kind":"plain","required":true}},"description_kind":"plain"}},"ibm_ob_logging":{"version":0,"block":{"attributes":{"agent_key":{"type":"string","description":"Agent key name","description_kind":"plain","computed":true},"agent_namespace":{"type":"string","description":"Agent Namespace","description_kind":"plain","computed":true},"cluster":{"type":"string","description":"Name or ID of the cluster to be used.","description_kind":"plain","required":true},"crn":{"type":"string","description":"CRN","description_kind":"plain","computed":true},"daemonset_name":{"type":"string","description":"Daemon Set Name","description_kind":"plain","computed":true},"discovered_agent":{"type":"bool","description":"Discovered agent","description_kind":"plain","computed":true},"id":{"type":"string","description_kind":"plain","optional":true,"computed":true},"instance_id":{"type":"string","description":"ID of the LogDNA service instance to latch","description_kind":"plain","required":true},"instance_name":{"type":"string","description":"LogDNA instance Name","description_kind":"plain","computed":true},"logdna_ingestion_key":{"type":"string","description":"LogDNA ingestion key","description_kind":"plain","optional":true,"computed":true},"namespace":{"type":"string","description":"Namespace","description_kind":"plain","computed":true},"private_endpoint":{"type":"bool","description":"Add this option to connect to your LogDNA service instance through the private service endpoint","description_kind":"plain","optional":true,"computed":true}},"block_types":{"timeouts":{"nesting_mode":"single","block":{"attributes":{"create":{"type":"string","description_kind":"plain","optional":true},"delete":{"type":"string","description_kind":"plain","optional":true},"update":{"type":"string","description_kind":"plain","optional":true}},"description_kind":"plain"}}},"description_kind":"plain"}},"ibm_ob_monitoring":{"version":0,"block":{"attributes":{"agent_key":{"type":"string","description":"Agent key name","description_kind":"plain","computed":true},"agent_namespace":{"type":"string","description":"Agent Namespace","description_kind":"plain","computed":true},"cluster":{"type":"string","description":"Name or ID of the cluster to be used.","description_kind":"plain","required":true},"crn":{"type":"string","description":"CRN","description_kind":"plain","computed":true},"daemonset_name":{"type":"string","description":"Daemon Set Name","description_kind":"plain","computed":true},"discovered_agent":{"type":"bool","description":"Discovered agent","description_kind":"plain","computed":true},"id":{"type":"string","description_kind":"plain","optional":true,"computed":true},"instance_id":{"type":"string","description":"ID of the Sysdig service instance to latch","description_kind":"plain","required":true},"instance_name":{"type":"string","description":"Sysdig instance Name","description_kind":"plain","computed":true},"namespace":{"type":"string","description":"Namespace","description_kind":"plain","computed":true},"private_endpoint":{"type":"bool","description":"Add this option to connect to your Sysdig service instance through the private service endpoint","description_kind":"plain","optional":true,"computed":true},"sysdig_access_key":{"type":"string","description":"Sysdig ingestion key","description_kind":"plain","optional":true,"computed":true}},"block_types":{"timeouts":{"nesting_mode":"single","block":{"attributes":{"create":{"type":"string","description_kind":"plain","optional":true},"delete":{"type":"string","description_kind":"plain","optional":true},"update":{"type":"string","description_kind":"plain","optional":true}},"description_kind":"plain"}}},"description_kind":"plain"}},"ibm_object_storage_account":{"version":0,"block":{"attributes":{"id":{"type":"string","description_kind":"plain","optional":true,"computed":true},"local_note":{"type":"string","description_kind":"plain","optional":true},"name":{"type":"string","description_kind":"plain","computed":true},"tags":{"type":["set","string"],"description_kind":"plain","optional":true}},"description_kind":"plain"}},"ibm_org":{"version":0,"block":{"attributes":{"auditors":{"type":["set","string"],"description":"The IBMID of the users who will have auditor role in this org, ex - user@example.com","description_kind":"plain","optional":true},"billing_managers":{"type":["set","string"],"description":"The IBMID of the users who will have billing manager role in this org, ex - user@example.com","description_kind":"plain","optional":true},"id":{"type":"string","description_kind":"plain","optional":true,"computed":true},"managers":{"type":["set","string"],"description":"The IBMID of the users who will have manager role in this org, ex - user@example.com","description_kind":"plain","optional":true},"name":{"type":"string","description":"Org name, for example myorg@domain","description_kind":"plain","required":true},"org_quota_definition_guid":{"type":"string","description":"Org quota guid","description_kind":"plain","optional":true,"computed":true},"tags":{"type":["set","string"],"description_kind":"plain","optional":true},"users":{"type":["set","string"],"description":"The IBMID of the users who will have user role in this org, ex - user@example.com","description_kind":"plain","optional":true}},"description_kind":"plain"}},"ibm_pi_capture":{"version":0,"block":{"attributes":{"id":{"type":"string","description_kind":"plain","optional":true,"computed":true},"pi_capture_cloud_storage_access_key":{"type":"string","description":"Name of Cloud Storage Access Key","description_kind":"plain","optional":true},"pi_capture_cloud_storage_region":{"type":"string","description":"List of Regions to use","description_kind":"plain","optional":true},"pi_capture_cloud_storage_secret_key":{"type":"string","description":"Name of the Cloud Storage Secret Key","description_kind":"plain","optional":true},"pi_capture_destination":{"type":"string","description":"Name of destination to store the image capture to","description_kind":"plain","required":true},"pi_capture_name":{"type":"string","description":"Name of the capture to create. Note : this must be unique","description_kind":"plain","required":true},"pi_capture_storage_image_path":{"type":"string","description":"Name of the Image Path","description_kind":"plain","optional":true},"pi_capture_volume_ids":{"type":"string","description":"List of volume names that need to be passed in the input","description_kind":"plain","optional":true},"pi_cloud_instance_id":{"type":"string","description":" Cloud Instance ID - This is the service_instance_id.","description_kind":"plain","required":true},"pi_instance_name":{"type":"string","description":"Instance Name of the Power VM","description_kind":"plain","required":true}},"block_types":{"timeouts":{"nesting_mode":"single","block":{"attributes":{"create":{"type":"string","description_kind":"plain","optional":true},"delete":{"type":"string","description_kind":"plain","optional":true}},"description_kind":"plain"}}},"description_kind":"plain"}},"ibm_pi_image":{"version":0,"block":{"attributes":{"id":{"type":"string","description_kind":"plain","optional":true,"computed":true},"image_id":{"type":"string","description":"Image ID","description_kind":"plain","computed":true},"pi_cloud_instance_id":{"type":"string","description":"PI cloud instance ID","description_kind":"plain","required":true},"pi_image_id":{"type":"string","description":"Instance image name","description_kind":"plain","required":true},"pi_image_name":{"type":"string","description":"Image name","description_kind":"plain","required":true}},"block_types":{"timeouts":{"nesting_mode":"single","block":{"attributes":{"create":{"type":"string","description_kind":"plain","optional":true},"delete":{"type":"string","description_kind":"plain","optional":true}},"description_kind":"plain"}}},"description_kind":"plain"}},"ibm_pi_instance":{"version":0,"block":{"attributes":{"addresses":{"type":["list",["object",{"external_ip":"string","ip":"string","macaddress":"string","network_id":"string","network_name":"string","type":"string"}]],"description_kind":"plain","computed":true},"health_status":{"type":"string","description":"PI Instance health status","description_kind":"plain","computed":true},"id":{"type":"string","description_kind":"plain","optional":true,"computed":true},"instance_id":{"type":"string","description":"Instance ID","description_kind":"plain","computed":true},"max_memory":{"type":"number","description":"Maximum memory size","description_kind":"plain","computed":true},"max_processors":{"type":"number","description":"Maximum number of processors","description_kind":"plain","computed":true},"max_virtual_cores":{"type":"number","description":"Maximum Virtual Cores Assigned to the PVMInstance","description_kind":"plain","computed":true},"migratable":{"type":"bool","description":"set to true to enable migration of the PI instance","description_kind":"plain","computed":true},"min_memory":{"type":"number","description":"Minimum memory","description_kind":"plain","computed":true},"min_processors":{"type":"number","description":"Minimum number of the CPUs","description_kind":"plain","computed":true},"min_virtual_cores":{"type":"number","description":"Minimum Virtual Cores Assigned to the PVMInstance","description_kind":"plain","computed":true},"operating_system":{"type":"string","description":"Operating System","description_kind":"plain","computed":true},"os_type":{"type":"string","description":"OS Type","description_kind":"plain","computed":true},"pi_cloud_instance_id":{"type":"string","description":"This is the Power Instance id that is assigned to the account","description_kind":"plain","required":true},"pi_health_status":{"type":"string","description":"Allow the user to set the status of the lpar so that they can connect to it faster","description_kind":"plain","optional":true},"pi_image_id":{"type":"string","description":"PI instance image name","description_kind":"plain","required":true},"pi_instance_name":{"type":"string","description":"PI Instance name","description_kind":"plain","required":true},"pi_key_pair_name":{"type":"string","description":"SSH key name","description_kind":"plain","required":true},"pi_memory":{"type":"number","description":"Memory size","description_kind":"plain","required":true},"pi_network_ids":{"type":["list","string"],"description":"List of Networks that have been configured for the account","description_kind":"plain","required":true},"pi_pin_policy":{"type":"string","description":"Pin Policy of the instance","description_kind":"plain","optional":true},"pi_proc_type":{"type":"string","description":"Instance processor type","description_kind":"plain","required":true},"pi_processors":{"type":"number","description":"Processors count","description_kind":"plain","required":true},"pi_progress":{"type":"number","description":"Progress of the operation","description_kind":"plain","computed":true},"pi_replicants":{"type":"number","description":"PI Instance replicas count","description_kind":"plain","optional":true},"pi_replication_policy":{"type":"string","description":"Replication policy for the PI Instance","description_kind":"plain","optional":true},"pi_replication_scheme":{"type":"string","description":"Replication scheme","description_kind":"plain","optional":true},"pi_sys_type":{"type":"string","description":"PI Instance system type","description_kind":"plain","required":true},"pi_user_data":{"type":"string","description":"Base64 encoded data to be passed in for invoking a cloud init script","description_kind":"plain","optional":true},"pi_virtual_cores_assigned":{"type":"number","description":"Virtual Cores Assigned to the PVMInstance","description_kind":"plain","optional":true,"computed":true},"pi_volume_ids":{"type":["set","string"],"description":"List of PI volumes","description_kind":"plain","optional":true,"computed":true},"pin_policy":{"type":"string","description":"PIN Policy of the Instance","description_kind":"plain","computed":true},"status":{"type":"string","description":"PI instance status","description_kind":"plain","computed":true}},"block_types":{"timeouts":{"nesting_mode":"single","block":{"attributes":{"create":{"type":"string","description_kind":"plain","optional":true},"delete":{"type":"string","description_kind":"plain","optional":true},"update":{"type":"string","description_kind":"plain","optional":true}},"description_kind":"plain"}}},"description_kind":"plain"}},"ibm_pi_key":{"version":0,"block":{"attributes":{"id":{"type":"string","description_kind":"plain","optional":true,"computed":true},"key_id":{"type":"string","description":"Key ID in the PI instance","description_kind":"plain","computed":true},"pi_cloud_instance_id":{"type":"string","description":"PI cloud instance ID","description_kind":"plain","required":true},"pi_creation_date":{"type":"string","description":"Date info","description_kind":"plain","computed":true},"pi_key_name":{"type":"string","description":"Key name in the PI instance","description_kind":"plain","required":true},"pi_ssh_key":{"type":"string","description":"PI instance key info","description_kind":"plain","required":true}},"block_types":{"timeouts":{"nesting_mode":"single","block":{"attributes":{"create":{"type":"string","description_kind":"plain","optional":true},"delete":{"type":"string","description_kind":"plain","optional":true}},"description_kind":"plain"}}},"description_kind":"plain"}},"ibm_pi_network":{"version":0,"block":{"attributes":{"id":{"type":"string","description_kind":"plain","optional":true,"computed":true},"network_id":{"type":"string","description":"PI network ID","description_kind":"plain","computed":true},"pi_cidr":{"type":"string","description":"PI network CIDR","description_kind":"plain","optional":true,"computed":true},"pi_cloud_instance_id":{"type":"string","description":"PI cloud instance ID","description_kind":"plain","required":true},"pi_dns":{"type":["set","string"],"description":"List of PI network DNS name","description_kind":"plain","optional":true},"pi_gateway":{"type":"string","description":"PI network gateway","description_kind":"plain","optional":true},"pi_network_name":{"type":"string","description":"PI network name","description_kind":"plain","required":true},"pi_network_type":{"type":"string","description":"PI network type","description_kind":"plain","required":true},"vlan_id":{"type":"number","description":"VLAN Id value","description_kind":"plain","computed":true}},"block_types":{"timeouts":{"nesting_mode":"single","block":{"attributes":{"create":{"type":"string","description_kind":"plain","optional":true},"delete":{"type":"string","description_kind":"plain","optional":true}},"description_kind":"plain"}}},"description_kind":"plain"}},"ibm_pi_network_port":{"version":0,"block":{"attributes":{"id":{"type":"string","description_kind":"plain","optional":true,"computed":true},"macaddress":{"type":"string","description_kind":"plain","computed":true},"pi_cloud_instance_id":{"type":"string","description_kind":"plain","required":true},"pi_network_name":{"type":"string","description_kind":"plain","required":true},"pi_network_port_description":{"type":"string","description_kind":"plain","optional":true},"pi_network_port_ipaddress":{"type":"string","description_kind":"plain","optional":true,"computed":true},"portid":{"type":"string","description_kind":"plain","computed":true},"public_ip":{"type":"string","description_kind":"plain","computed":true},"status":{"type":"string","description_kind":"plain","computed":true}},"block_types":{"timeouts":{"nesting_mode":"single","block":{"attributes":{"create":{"type":"string","description_kind":"plain","optional":true},"delete":{"type":"string","description_kind":"plain","optional":true}},"description_kind":"plain"}}},"description_kind":"plain"}},"ibm_pi_network_port_attach":{"version":0,"block":{"attributes":{"id":{"type":"string","description_kind":"plain","optional":true,"computed":true},"pi_cloud_instance_id":{"type":"string","description_kind":"plain","required":true},"pi_instance_name":{"type":"string","description":"Instance name to attach the network port to","description_kind":"plain","required":true},"pi_network_name":{"type":"string","description":"Network Name - This is the subnet name  in the Cloud instance","description_kind":"plain","required":true},"pi_network_port_description":{"type":"string","description":"A human readable description for this network Port","description_kind":"plain","optional":true},"port_id":{"type":"string","description_kind":"plain","required":true},"public_ip":{"type":"string","description_kind":"plain","computed":true}},"block_types":{"timeouts":{"nesting_mode":"single","block":{"attributes":{"create":{"type":"string","description_kind":"plain","optional":true},"delete":{"type":"string","description_kind":"plain","optional":true},"update":{"type":"string","description_kind":"plain","optional":true}},"description_kind":"plain"}}},"description_kind":"plain"}},"ibm_pi_operations":{"version":0,"block":{"attributes":{"addresses":{"type":["list",["object",{"ip":"string","macaddress":"string","networkid":"string","networkname":"string","type":"string"}]],"description_kind":"plain","computed":true},"id":{"type":"string","description_kind":"plain","optional":true,"computed":true},"pi_cloud_instance_id":{"type":"string","description":"PI Cloud instnce id","description_kind":"plain","required":true},"pi_health_status":{"type":"string","description":"PI instance health status","description_kind":"plain","computed":true},"pi_instance_name":{"type":"string","description":"PI instance Operation server name","description_kind":"plain","required":true},"pi_operation":{"type":"string","description":"PI instance operation type","description_kind":"plain","required":true},"pi_progress":{"type":"number","description":"Progress of the operation","description_kind":"plain","computed":true},"pi_status":{"type":"string","description":"PI instance operation status","description_kind":"plain","computed":true}},"block_types":{"timeouts":{"nesting_mode":"single","block":{"attributes":{"create":{"type":"string","description_kind":"plain","optional":true},"delete":{"type":"string","description_kind":"plain","optional":true}},"description_kind":"plain"}}},"description_kind":"plain"}},"ibm_pi_snapshot":{"version":0,"block":{"attributes":{"creation_date":{"type":"string","description_kind":"plain","computed":true},"description":{"type":"string","description":"Snapshot description","description_kind":"plain","optional":true},"id":{"type":"string","description_kind":"plain","optional":true,"computed":true},"last_updated_date":{"type":"string","description_kind":"plain","computed":true},"pi_cloud_instance_id":{"type":"string","description":" Cloud Instance ID - This is the service_instance_id.","description_kind":"plain","required":true},"pi_instance_name":{"type":"string","description":"Instance name / id of the pvm","description_kind":"plain","required":true},"pi_snap_shot_id":{"type":"string","description":"Id of the snapshot","description_kind":"plain","computed":true},"pi_snap_shot_name":{"type":"string","description":"Unique name of the snapshot","description_kind":"plain","required":true},"pi_volume_ids":{"type":["set","string"],"description":"List of PI volumes","description_kind":"plain","optional":true},"status":{"type":"string","description_kind":"plain","computed":true},"volume_snapshots":{"type":["map","string"],"description_kind":"plain","computed":true}},"block_types":{"timeouts":{"nesting_mode":"single","block":{"attributes":{"create":{"type":"string","description_kind":"plain","optional":true},"delete":{"type":"string","description_kind":"plain","optional":true},"update":{"type":"string","description_kind":"plain","optional":true}},"description_kind":"plain"}}},"description_kind":"plain"}},"ibm_pi_volume":{"version":0,"block":{"attributes":{"delete_on_termination":{"type":"bool","description":"Should the volume be deleted during termination","description_kind":"plain","computed":true},"id":{"type":"string","description_kind":"plain","optional":true,"computed":true},"pi_cloud_instance_id":{"type":"string","description":" Cloud Instance ID - This is the service_instance_id.","description_kind":"plain","required":true},"pi_volume_name":{"type":"string","description":"Volume Name to create","description_kind":"plain","required":true},"pi_volume_shareable":{"type":"bool","description":"Flag to indicate if the volume can be shared across multiple instances?","description_kind":"plain","optional":true},"pi_volume_size":{"type":"number","description":"Size of the volume in GB","description_kind":"plain","required":true},"pi_volume_type":{"type":"string","description":"Volume type","description_kind":"plain","required":true},"volume_id":{"type":"string","description":"Volume ID","description_kind":"plain","computed":true},"volume_status":{"type":"string","description":"Volume status","description_kind":"plain","computed":true},"wwn":{"type":"string","description":"WWN Of the volume","description_kind":"plain","computed":true}},"block_types":{"timeouts":{"nesting_mode":"single","block":{"attributes":{"create":{"type":"string","description_kind":"plain","optional":true},"delete":{"type":"string","description_kind":"plain","optional":true},"update":{"type":"string","description_kind":"plain","optional":true}},"description_kind":"plain"}}},"description_kind":"plain"}},"ibm_pi_volume_attach":{"version":0,"block":{"attributes":{"id":{"type":"string","description_kind":"plain","optional":true,"computed":true},"pi_cloud_instance_id":{"type":"string","description":" Cloud Instance ID - This is the service_instance_id.","description_kind":"plain","required":true},"pi_instance_name":{"type":"string","description":"PI Instance name","description_kind":"plain","required":true},"pi_volume_attach_name":{"type":"string","description":"Name of the volume to attach. Note these  volumes should have been created","description_kind":"plain","required":true},"pi_volume_shareable":{"type":"bool","description_kind":"plain","optional":true,"computed":true},"status":{"type":"string","description_kind":"plain","optional":true,"computed":true},"volumeattachid":{"type":"string","description":"Volume attachment ID","description_kind":"plain","optional":true,"computed":true}},"block_types":{"timeouts":{"nesting_mode":"single","block":{"attributes":{"create":{"type":"string","description_kind":"plain","optional":true},"delete":{"type":"string","description_kind":"plain","optional":true}},"description_kind":"plain"}}},"description_kind":"plain"}},"ibm_pn_application_chrome":{"version":0,"block":{"attributes":{"guid":{"type":"string","description":"Unique guid of the push notification instance.","description_kind":"plain","required":true},"id":{"type":"string","description_kind":"plain","optional":true,"computed":true},"server_key":{"type":"string","description":"A server key that gives the push service an authorized access to Google services that is used for Chrome Web Push.","description_kind":"plain","required":true},"web_site_url":{"type":"string","description":"The URL of the WebSite / WebApp that should be permitted to subscribe to WebPush.","description_kind":"plain","required":true}},"description_kind":"plain"}},"ibm_resource_group":{"version":0,"block":{"attributes":{"created_at":{"type":"string","description":"The date when the resource group was initially created.","description_kind":"plain","computed":true},"crn":{"type":"string","description":"The full CRN associated with the resource group","description_kind":"plain","computed":true},"default":{"type":"bool","description":"Specifies whether its default resource group or not","description_kind":"plain","computed":true},"id":{"type":"string","description_kind":"plain","optional":true,"computed":true},"name":{"type":"string","description":"The name of the resource group","description_kind":"plain","required":true},"payment_methods_url":{"type":"string","description":"The URL to access the payment methods details that associated with the resource group.","description_kind":"plain","computed":true},"quota_id":{"type":"string","description":"An alpha-numeric value identifying the quota ID associated with the resource group.","description_kind":"plain","computed":true},"quota_url":{"type":"string","description":"The URL to access the quota details that associated with the resource group.","description_kind":"plain","computed":true},"resource_linkages":{"type":["set","string"],"description":"An array of the resources that linked to the resource group","description_kind":"plain","computed":true},"state":{"type":"string","description":"State of the resource group","description_kind":"plain","computed":true},"tags":{"type":["set","string"],"description_kind":"plain","optional":true},"teams_url":{"type":"string","description":"The URL to access the team details that associated with the resource group.","description_kind":"plain","computed":true},"updated_at":{"type":"string","description":"The date when the resource group was last updated.","description_kind":"plain","computed":true}},"description_kind":"plain"}},"ibm_resource_instance":{"version":0,"block":{"attributes":{"account_id":{"type":"string","description":"An alpha-numeric value identifying the account ID.","description_kind":"plain","computed":true},"allow_cleanup":{"type":"bool","description":"A boolean that dictates if the resource instance should be deleted (cleaned up) during the processing of a region instance delete call.","description_kind":"plain","computed":true},"created_at":{"type":"string","description":"The date when the instance was created.","description_kind":"plain","computed":true},"created_by":{"type":"string","description":"The subject who created the instance.","description_kind":"plain","computed":true},"crn":{"type":"string","description":"CRN of resource instance","description_kind":"plain","computed":true},"dashboard_url":{"type":"string","description":"Dashboard URL to access resource.","description_kind":"plain","computed":true},"deleted_at":{"type":"string","description":"The date when the instance was deleted.","description_kind":"plain","computed":true},"deleted_by":{"type":"string","description":"The subject who deleted the instance.","description_kind":"plain","computed":true},"extensions":{"type":["map","string"],"description":"The extended metadata as a map associated with the resource instance.","description_kind":"plain","computed":true},"guid":{"type":"string","description":"Guid of resource instance","description_kind":"plain","computed":true},"id":{"type":"string","description_kind":"plain","optional":true,"computed":true},"last_operation":{"type":["map","string"],"description":"The status of the last operation requested on the instance","description_kind":"plain","computed":true},"location":{"type":"string","description":"The location where the instance available","description_kind":"plain","required":true},"locked":{"type":"bool","description":"A boolean that dictates if the resource instance should be deleted (cleaned up) during the processing of a region instance delete call.","description_kind":"plain","computed":true},"name":{"type":"string","description":"A name for the resource instance","description_kind":"plain","required":true},"parameters":{"type":["map","string"],"description":"Arbitrary parameters to pass. Must be a JSON object","description_kind":"plain","optional":true},"plan":{"type":"string","description":"The plan type of the service","description_kind":"plain","required":true},"plan_history":{"type":["list",["object",{"resource_plan_id":"string","start_date":"string"}]],"description":"The plan history of the instance.","description_kind":"plain","computed":true},"resource_aliases_url":{"type":"string","description":"The relative path to the resource aliases for the instance.","description_kind":"plain","computed":true},"resource_bindings_url":{"type":"string","description":"The relative path to the resource bindings for the instance.","description_kind":"plain","computed":true},"resource_controller_url":{"type":"string","description":"The URL of the IBM Cloud dashboard that can be used to explore and view details about the resource","description_kind":"plain","computed":true},"resource_crn":{"type":"string","description":"The crn of the resource","description_kind":"plain","computed":true},"resource_group_crn":{"type":"string","description":"The long ID (full CRN) of the resource group","description_kind":"plain","computed":true},"resource_group_id":{"type":"string","description":"The resource group id","description_kind":"plain","optional":true,"computed":true},"resource_group_name":{"type":"string","description":"The resource group name in which resource is provisioned","description_kind":"plain","computed":true},"resource_id":{"type":"string","description":"The unique ID of the offering","description_kind":"plain","computed":true},"resource_keys_url":{"type":"string","description":"The relative path to the resource keys for the instance.","description_kind":"plain","computed":true},"resource_name":{"type":"string","description":"The name of the resource","description_kind":"plain","computed":true},"resource_plan_id":{"type":"string","description":"The unique ID of the plan associated with the offering","description_kind":"plain","computed":true},"resource_status":{"type":"string","description":"The status of the resource","description_kind":"plain","computed":true},"restored_at":{"type":"string","description":"The date when the instance under reclamation was restored.","description_kind":"plain","computed":true},"restored_by":{"type":"string","description":"The subject who restored the instance back from reclamation.","description_kind":"plain","computed":true},"scheduled_reclaim_at":{"type":"string","description":"The date when the instance was scheduled for reclamation.","description_kind":"plain","computed":true},"scheduled_reclaim_by":{"type":"string","description":"The subject who initiated the instance reclamation.","description_kind":"plain","computed":true},"service":{"type":"string","description":"The name of the service offering like cloud-object-storage, kms etc","description_kind":"plain","required":true},"service_endpoints":{"type":"string","description":"Types of the service endpoints. Possible values are 'public', 'private', 'public-and-private'.","description_kind":"plain","optional":true,"computed":true},"state":{"type":"string","description":"The current state of the instance.","description_kind":"plain","computed":true},"status":{"type":"string","description":"Status of resource instance","description_kind":"plain","computed":true},"sub_type":{"type":"string","description":"The sub-type of instance, e.g. cfaas .","description_kind":"plain","computed":true},"tags":{"type":["set","string"],"description_kind":"plain","optional":true,"computed":true},"target_crn":{"type":"string","description":"The full deployment CRN as defined in the global catalog","description_kind":"plain","computed":true},"type":{"type":"string","description":"The type of the instance, e.g. service_instance.","description_kind":"plain","computed":true},"update_at":{"type":"string","description":"The date when the instance was last updated.","description_kind":"plain","computed":true},"update_by":{"type":"string","description":"The subject who updated the instance.","description_kind":"plain","computed":true}},"block_types":{"timeouts":{"nesting_mode":"single","block":{"attributes":{"create":{"type":"string","description_kind":"plain","optional":true},"delete":{"type":"string","description_kind":"plain","optional":true},"update":{"type":"string","description_kind":"plain","optional":true}},"description_kind":"plain"}}},"description_kind":"plain"}},"ibm_resource_key":{"version":0,"block":{"attributes":{"account_id":{"type":"string","description":"An alpha-numeric value identifying the account ID.","description_kind":"plain","computed":true},"created_at":{"type":"string","description":"The date when the key was created.","description_kind":"plain","computed":true},"created_by":{"type":"string","description":"The subject who created the key.","description_kind":"plain","computed":true},"credentials":{"type":["map","string"],"description":"Credentials asociated with the key","description_kind":"plain","computed":true,"sensitive":true},"crn":{"type":"string","description":"crn of resource key","description_kind":"plain","computed":true},"deleted_at":{"type":"string","description":"The date when the key was deleted.","description_kind":"plain","computed":true},"deleted_by":{"type":"string","description":"The subject who deleted the key.","description_kind":"plain","computed":true},"guid":{"type":"string","description":"When you create a new key, a globally unique identifier (GUID) is assigned.","description_kind":"plain","computed":true},"iam_compatible":{"type":"bool","description":"Specifies whether the key’s credentials support IAM.","description_kind":"plain","computed":true},"id":{"type":"string","description_kind":"plain","optional":true,"computed":true},"name":{"type":"string","description":"The name of the resource key","description_kind":"plain","required":true},"parameters":{"type":["map","string"],"description":"Arbitrary parameters to pass. Must be a JSON object","description_kind":"plain","optional":true},"resource_alias_id":{"type":"string","description":"The id of the resource alias for which to create resource key","description_kind":"plain","optional":true},"resource_group_id":{"type":"string","description":"The short ID of the resource group.","description_kind":"plain","computed":true},"resource_instance_id":{"type":"string","description":"The id of the resource instance for which to create resource key","description_kind":"plain","optional":true},"resource_instance_url":{"type":"string","description":"The relative path to the resource.","description_kind":"plain","computed":true},"role":{"type":"string","description":"Name of the user role.Valid roles are Writer, Reader, Manager, Administrator, Operator, Viewer, Editor and Custom Roles.","description_kind":"plain","required":true},"source_crn":{"type":"string","description":"The CRN of resource instance or alias associated to the key.","description_kind":"plain","computed":true},"state":{"type":"string","description":"The state of the key.","description_kind":"plain","computed":true},"status":{"type":"string","description":"Status of resource key","description_kind":"plain","computed":true},"tags":{"type":["set","string"],"description_kind":"plain","optional":true},"updated_at":{"type":"string","description":"The date when the key was last updated.","description_kind":"plain","computed":true},"updated_by":{"type":"string","description":"The subject who updated the key.","description_kind":"plain","computed":true},"url":{"type":"string","description":"When you created a new key, a relative URL path is created identifying the location of the key.","description_kind":"plain","computed":true}},"block_types":{"timeouts":{"nesting_mode":"single","block":{"attributes":{"create":{"type":"string","description_kind":"plain","optional":true},"delete":{"type":"string","description_kind":"plain","optional":true}},"description_kind":"plain"}}},"description_kind":"plain"}},"ibm_resource_tag":{"version":0,"block":{"attributes":{"acccount_id":{"type":"string","description":"The ID of the account that owns the resources to be tagged (required if tag-type is set to service)","description_kind":"plain","computed":true},"id":{"type":"string","description_kind":"plain","optional":true,"computed":true},"resource_id":{"type":"string","description":"CRN of the resource on which the tags should be attached","description_kind":"plain","required":true},"resource_type":{"type":"string","description":"Resource type on which the tags should be attached","description_kind":"plain","optional":true},"tag_type":{"type":"string","description":"Type of the tag. Only allowed values are: user, or service or access (default value : user)","description_kind":"plain","optional":true,"computed":true},"tags":{"type":["set","string"],"description":"List of tags associated with resource instance","description_kind":"plain","optional":true,"computed":true}},"description_kind":"plain"}},"ibm_satellite_cluster":{"version":0,"block":{"attributes":{"crn":{"type":"string","description":"CRN of resource instance","description_kind":"plain","computed":true},"default_worker_pool_labels":{"type":["map","string"],"description":"Labels on the default worker pool","description_kind":"plain","optional":true,"computed":true},"disable_public_service_endpoint":{"type":"bool","description":"Boolean value true if Public service endpoint to be disabled","description_kind":"plain","optional":true},"enable_config_admin":{"type":"bool","description":"Grant cluster admin access to Satellite Config to manage Kubernetes resources.","description_kind":"plain","optional":true,"computed":true},"host_labels":{"type":["set","string"],"description":"Labels that describe a Satellite host for default workerpool","description_kind":"plain","optional":true,"computed":true},"id":{"type":"string","description_kind":"plain","optional":true,"computed":true},"ingress_hostname":{"type":"string","description_kind":"plain","computed":true},"ingress_secret":{"type":"string","description_kind":"plain","computed":true,"sensitive":true},"kube_version":{"type":"string","description":"The OpenShift Container Platform version","description_kind":"plain","optional":true,"computed":true},"location":{"type":"string","description":"The name or ID of the Satellite location","description_kind":"plain","required":true},"master_status":{"type":"string","description_kind":"plain","computed":true},"master_url":{"type":"string","description_kind":"plain","computed":true},"name":{"type":"string","description":"The unique name for the new IBM Cloud Satellite cluster","description_kind":"plain","required":true},"patch_version":{"type":"string","description":"Kubernetes patch version","description_kind":"plain","optional":true},"pod_subnet":{"type":"string","description":"User provided value for the pod subnet","description_kind":"plain","optional":true,"computed":true},"private_service_endpoint_enabled":{"type":"bool","description_kind":"plain","computed":true},"private_service_endpoint_url":{"type":"string","description_kind":"plain","computed":true},"public_service_endpoint_enabled":{"type":"bool","description_kind":"plain","computed":true},"public_service_endpoint_url":{"type":"string","description_kind":"plain","computed":true},"pull_secret":{"type":"string","description":"The RedHat pull secret to create the OpenShift cluster","description_kind":"plain","optional":true},"resource_group_id":{"type":"string","description":"ID of the resource group.","description_kind":"plain","optional":true,"computed":true},"resource_group_name":{"type":"string","description":"The resource group name in which resource is provisioned","description_kind":"plain","computed":true},"retry_patch_version":{"type":"number","description":"Argument which helps to retry the patch version updates on worker nodes. Increment the value to retry the patch updates if the previous apply fails","description_kind":"plain","optional":true},"service_subnet":{"type":"string","description":"User provided value for service subnet","description_kind":"plain","optional":true,"computed":true},"state":{"type":"string","description":"The lifecycle state of the cluster.","description_kind":"plain","computed":true},"tags":{"type":["set","string"],"description":"List of tags for the resources","description_kind":"plain","optional":true,"computed":true},"wait_for_worker_update":{"type":"bool","description":"Wait for worker node to update during kube version update.","description_kind":"plain","optional":true},"worker_count":{"type":"number","description":"The number of worker nodes per zone in the default worker pool. Required when '--host-label' is specified. (default: 0)","description_kind":"plain","optional":true,"computed":true}},"block_types":{"timeouts":{"nesting_mode":"single","block":{"attributes":{"create":{"type":"string","description_kind":"plain","optional":true},"delete":{"type":"string","description_kind":"plain","optional":true},"read":{"type":"string","description_kind":"plain","optional":true},"update":{"type":"string","description_kind":"plain","optional":true}},"description_kind":"plain"}},"zones":{"nesting_mode":"set","block":{"attributes":{"id":{"type":"string","description":"Zone for the worker pool in a multizone cluster","description_kind":"plain","required":true}},"description":"Zone info for worker pool","description_kind":"plain"}}},"description_kind":"plain"}},"ibm_satellite_cluster_worker_pool":{"version":0,"block":{"attributes":{"cluster":{"type":"string","description":"The unique name for the new IBM Cloud Satellite cluster","description_kind":"plain","required":true},"disk_encryption":{"type":"bool","description":"Disk encryption for worker node","description_kind":"plain","optional":true},"entitlement":{"type":"string","description_kind":"plain","optional":true},"flavor":{"type":"string","description":"The flavor defines the amount of virtual CPU, memory, and disk space that is set up in each worker node","description_kind":"plain","optional":true,"computed":true},"host_labels":{"type":["set","string"],"description":"Labels that describe a Satellite host","description_kind":"plain","optional":true,"computed":true},"id":{"type":"string","description_kind":"plain","optional":true,"computed":true},"isolation":{"type":"string","description_kind":"plain","optional":true,"computed":true},"name":{"type":"string","description":"The name for the worker pool","description_kind":"plain","required":true},"resource_group_id":{"type":"string","description":"ID of the resource group.","description_kind":"plain","optional":true,"computed":true},"worker_count":{"type":"number","description":"Specify the desired number of workers per zone in this worker pool","description_kind":"plain","optional":true,"computed":true},"worker_pool_labels":{"type":["map","string"],"description":"Labels on all the workers in the worker pool","description_kind":"plain","optional":true,"computed":true}},"block_types":{"timeouts":{"nesting_mode":"single","block":{"attributes":{"create":{"type":"string","description_kind":"plain","optional":true},"delete":{"type":"string","description_kind":"plain","optional":true}},"description_kind":"plain"}},"zones":{"nesting_mode":"set","block":{"attributes":{"id":{"type":"string","description":"Zone for the worker pool in a multizone cluster","description_kind":"plain","required":true}},"description":"Zone info for worker pool","description_kind":"plain"}}},"description_kind":"plain"}},"ibm_satellite_host":{"version":0,"block":{"attributes":{"cluster":{"type":"string","description":"The name or ID of a Satellite location or cluster to assign the host to","description_kind":"plain","optional":true,"computed":true},"host_id":{"type":"string","description":"The specific host ID to assign to a Satellite location or cluster","description_kind":"plain","required":true},"host_provider":{"type":"string","description":"Host Provider","description_kind":"plain","optional":true},"host_state":{"type":"string","description":"Health status of the host","description_kind":"plain","computed":true},"id":{"type":"string","description_kind":"plain","optional":true,"computed":true},"labels":{"type":["set","string"],"description":"List of labels for the host","description_kind":"plain","optional":true,"computed":true},"location":{"type":"string","description":"The name or ID of the Satellite location","description_kind":"plain","required":true},"worker_pool":{"type":"string","description":"The name or ID of the worker pool within the cluster to assign the host to","description_kind":"plain","optional":true,"computed":true},"zone":{"type":"string","description":"The zone within the cluster to assign the host to","description_kind":"plain","optional":true,"computed":true}},"block_types":{"timeouts":{"nesting_mode":"single","block":{"attributes":{"create":{"type":"string","description_kind":"plain","optional":true},"delete":{"type":"string","description_kind":"plain","optional":true},"read":{"type":"string","description_kind":"plain","optional":true},"update":{"type":"string","description_kind":"plain","optional":true}},"description_kind":"plain"}}},"description_kind":"plain"}},"ibm_satellite_location":{"version":0,"block":{"attributes":{"created_on":{"type":"string","description":"Created Date","description_kind":"plain","computed":true},"crn":{"type":"string","description":"Location CRN","description_kind":"plain","computed":true},"description":{"type":"string","description":"A description of the new Satellite location","description_kind":"plain","optional":true},"host_attached_count":{"type":"number","description":"The total number of hosts that are attached to the Satellite location.","description_kind":"plain","computed":true},"host_available_count":{"type":"number","description":"The available number of hosts that can be assigned to a cluster resource in the Satellite location.","description_kind":"plain","computed":true},"id":{"type":"string","description_kind":"plain","optional":true,"computed":true},"ingress_hostname":{"type":"string","description_kind":"plain","computed":true},"ingress_secret":{"type":"string","description_kind":"plain","computed":true,"sensitive":true},"location":{"type":"string","description":"A unique name for the new Satellite location","description_kind":"plain","required":true},"logging_account_id":{"type":"string","description":"The account ID for IBM Log Analysis with LogDNA log forwarding","description_kind":"plain","optional":true},"managed_from":{"type":"string","description":"The IBM Cloud metro from which the Satellite location is managed","description_kind":"plain","required":true},"resource_group_id":{"type":"string","description":"ID of the resource group.","description_kind":"plain","optional":true,"computed":true},"resource_group_name":{"type":"string","description":"Name of the resource group","description_kind":"plain","computed":true},"tags":{"type":["set","string"],"description":"List of tags associated with resource instance","description_kind":"plain","optional":true,"computed":true},"zones":{"type":["set","string"],"description":"The names of at least three high availability zones to use for the location","description_kind":"plain","optional":true,"computed":true}},"block_types":{"cos_config":{"nesting_mode":"list","block":{"attributes":{"bucket":{"type":"string","description_kind":"plain","optional":true},"endpoint":{"type":"string","description_kind":"plain","optional":true},"region":{"type":"string","description_kind":"plain","optional":true}},"description":"COSBucket - IBM Cloud Object Storage bucket configuration details","description_kind":"plain"},"max_items":1},"cos_credentials":{"nesting_mode":"list","block":{"attributes":{"access_key_id":{"type":"string","description":"The HMAC secret access key ID","description_kind":"plain","optional":true},"secret_access_key":{"type":"string","description":"The HMAC secret access key","description_kind":"plain","optional":true}},"description":"COSAuthorization - IBM Cloud Object Storage authorization keys","description_kind":"plain"},"max_items":1},"timeouts":{"nesting_mode":"single","block":{"attributes":{"create":{"type":"string","description_kind":"plain","optional":true},"delete":{"type":"string","description_kind":"plain","optional":true},"update":{"type":"string","description_kind":"plain","optional":true}},"description_kind":"plain"}}},"description_kind":"plain"}},"ibm_schematics_action":{"version":0,"block":{"attributes":{"account":{"type":"string","description":"Action account ID.","description_kind":"plain","computed":true},"command_parameter":{"type":"string","description":"Schematics job command parameter (playbook-name, capsule-name or flow-name).","description_kind":"plain","optional":true},"created_at":{"type":"string","description":"Action creation time.","description_kind":"plain","computed":true},"created_by":{"type":"string","description":"E-mail address of the user who created an action.","description_kind":"plain","computed":true},"crn":{"type":"string","description":"Action Cloud Resource Name.","description_kind":"plain","computed":true},"description":{"type":"string","description":"Action description.","description_kind":"plain","optional":true},"id":{"type":"string","description_kind":"plain","optional":true,"computed":true},"location":{"type":"string","description":"List of action locations supported by IBM Cloud Schematics service.  **Note** this does not limit the location of the resources provisioned using Schematics.","description_kind":"plain","optional":true},"name":{"type":"string","description":"Action name (unique for an account).","description_kind":"plain","required":true},"namespace":{"type":"string","description":"Name of the namespace.","description_kind":"plain","computed":true},"playbook_names":{"type":["list","string"],"description":"Playbook names retrieved from the respository.","description_kind":"plain","computed":true},"resource_group":{"type":"string","description":"Resource-group name for an action.  By default, action is created in default resource group.","description_kind":"plain","optional":true},"source_created_at":{"type":"string","description":"Action Playbook Source creation time.","description_kind":"plain","computed":true},"source_created_by":{"type":"string","description":"E-mail address of user who created the Action Playbook Source.","description_kind":"plain","computed":true},"source_readme_url":{"type":"string","description":"URL of the `README` file, for the source.","description_kind":"plain","optional":true},"source_type":{"type":"string","description":"Type of source for the Template.","description_kind":"plain","optional":true},"source_updated_at":{"type":"string","description":"The action playbook updation time.","description_kind":"plain","computed":true},"source_updated_by":{"type":"string","description":"E-mail address of user who updated the action playbook source.","description_kind":"plain","computed":true},"state":{"type":["list",["object",{"status_code":"string","status_job_id":"string","status_message":"string"}]],"description":"Computed state of an action.","description_kind":"plain","computed":true},"tags":{"type":["list","string"],"description":"Action tags.","description_kind":"plain","optional":true},"targets_ini":{"type":"string","description":"Inventory of host and host group for the playbook in `INI` file format. For example, `\"targets_ini\": \"[webserverhost]  172.22.192.6  [dbhost]  172.22.192.5\"`. For more information, about an inventory host group syntax, see [Inventory host groups](/docs/schematics?topic=schematics-schematics-cli-reference#schematics-inventory-host-grps).","description_kind":"plain","optional":true},"trigger_record_id":{"type":"string","description":"ID to the trigger.","description_kind":"plain","optional":true},"updated_at":{"type":"string","description":"Action updation time.","description_kind":"plain","computed":true},"updated_by":{"type":"string","description":"E-mail address of the user who updated an action.","description_kind":"plain","computed":true},"x_github_token":{"type":"string","description":"The personal access token to authenticate with your private GitHub or GitLab repository and access your Terraform template.","description_kind":"plain","optional":true}},"block_types":{"action_inputs":{"nesting_mode":"list","block":{"attributes":{"link":{"type":"string","description":"Reference link to the variable value By default the expression will point to self.value.","description_kind":"plain","optional":true,"computed":true},"name":{"type":"string","description":"Name of the variable.","description_kind":"plain","optional":true},"value":{"type":"string","description":"Value for the variable or reference to the value.","description_kind":"plain","optional":true}},"block_types":{"metadata":{"nesting_mode":"list","block":{"attributes":{"aliases":{"type":["list","string"],"description":"List of aliases for the variable name.","description_kind":"plain","optional":true},"default_value":{"type":"string","description":"Default value for the variable, if the override value is not specified.","description_kind":"plain","optional":true},"description":{"type":"string","description":"Description of the meta data.","description_kind":"plain","optional":true},"group_by":{"type":"string","description":"Display name of the group this variable belongs to.","description_kind":"plain","optional":true},"hidden":{"type":"bool","description":"If true, the variable will not be displayed on UI or CLI.","description_kind":"plain","optional":true},"immutable":{"type":"bool","description":"Is the variable readonly ?.","description_kind":"plain","optional":true},"matches":{"type":"string","description":"Regex for the variable value.","description_kind":"plain","optional":true},"max_length":{"type":"number","description":"Maximum length of the variable value. Applicable for string type.","description_kind":"plain","optional":true},"max_value":{"type":"number","description":"Maximum value of the variable. Applicable for integer type.","description_kind":"plain","optional":true},"min_length":{"type":"number","description":"Minimum length of the variable value. Applicable for string type.","description_kind":"plain","optional":true},"min_value":{"type":"number","description":"Minimum value of the variable. Applicable for integer type.","description_kind":"plain","optional":true},"options":{"type":["list","string"],"description":"List of possible values for this variable.  If type is integer or date, then the array of string will be  converted to array of integers or date during runtime.","description_kind":"plain","optional":true},"position":{"type":"number","description":"Relative position of this variable in a list.","description_kind":"plain","optional":true},"secure":{"type":"bool","description":"Is the variable secure or sensitive ?.","description_kind":"plain","optional":true},"source":{"type":"string","description":"Source of this meta-data.","description_kind":"plain","optional":true},"type":{"type":"string","description":"Type of the variable.","description_kind":"plain","optional":true}},"description":"User editable metadata for the variables.","description_kind":"plain"}}},"description":"Input variables for an action.","description_kind":"plain"}},"action_outputs":{"nesting_mode":"list","block":{"attributes":{"link":{"type":"string","description":"Reference link to the variable value By default the expression will point to self.value.","description_kind":"plain","optional":true,"computed":true},"name":{"type":"string","description":"Name of the variable.","description_kind":"plain","optional":true},"value":{"type":"string","description":"Value for the variable or reference to the value.","description_kind":"plain","optional":true}},"block_types":{"metadata":{"nesting_mode":"list","block":{"attributes":{"aliases":{"type":["list","string"],"description":"List of aliases for the variable name.","description_kind":"plain","optional":true},"default_value":{"type":"string","description":"Default value for the variable, if the override value is not specified.","description_kind":"plain","optional":true},"description":{"type":"string","description":"Description of the meta data.","description_kind":"plain","optional":true},"group_by":{"type":"string","description":"Display name of the group this variable belongs to.","description_kind":"plain","optional":true},"hidden":{"type":"bool","description":"If true, the variable will not be displayed on UI or CLI.","description_kind":"plain","optional":true},"immutable":{"type":"bool","description":"Is the variable readonly ?.","description_kind":"plain","optional":true},"matches":{"type":"string","description":"Regex for the variable value.","description_kind":"plain","optional":true},"max_length":{"type":"number","description":"Maximum length of the variable value. Applicable for string type.","description_kind":"plain","optional":true},"max_value":{"type":"number","description":"Maximum value of the variable. Applicable for integer type.","description_kind":"plain","optional":true},"min_length":{"type":"number","description":"Minimum length of the variable value. Applicable for string type.","description_kind":"plain","optional":true},"min_value":{"type":"number","description":"Minimum value of the variable. Applicable for integer type.","description_kind":"plain","optional":true},"options":{"type":["list","string"],"description":"List of possible values for this variable.  If type is integer or date, then the array of string will be  converted to array of integers or date during runtime.","description_kind":"plain","optional":true},"position":{"type":"number","description":"Relative position of this variable in a list.","description_kind":"plain","optional":true},"secure":{"type":"bool","description":"Is the variable secure or sensitive ?.","description_kind":"plain","optional":true},"source":{"type":"string","description":"Source of this meta-data.","description_kind":"plain","optional":true},"type":{"type":"string","description":"Type of the variable.","description_kind":"plain","optional":true}},"description":"User editable metadata for the variables.","description_kind":"plain"}}},"description":"Output variables for an action.","description_kind":"plain"}},"bastion":{"nesting_mode":"list","block":{"attributes":{"created_at":{"type":"string","description":"Targets creation time.","description_kind":"plain","computed":true},"created_by":{"type":"string","description":"E-mail address of the user who created the targets.","description_kind":"plain","computed":true},"credential_ref":{"type":"string","description":"Override credential for each resource.  Reference to credentials values, used by all the resources.","description_kind":"plain","optional":true},"description":{"type":"string","description":"Target description.","description_kind":"plain","optional":true},"id":{"type":"string","description":"Target ID.","description_kind":"plain","optional":true,"computed":true},"name":{"type":"string","description":"Target name.","description_kind":"plain","optional":true},"resource_ids":{"type":["list","string"],"description":"Array of the resource IDs.","description_kind":"plain","optional":true,"computed":true},"resource_query":{"type":"string","description":"Resource selection query string.","description_kind":"plain","optional":true},"type":{"type":"string","description":"Target type (`cluster`, `vsi`, `icd`, `vpc`).","description_kind":"plain","optional":true},"updated_at":{"type":"string","description":"Targets updation time.","description_kind":"plain","optional":true,"computed":true},"updated_by":{"type":"string","description":"E-mail address of user who updated the targets.","description_kind":"plain","optional":true,"computed":true}},"block_types":{"sys_lock":{"nesting_mode":"list","block":{"attributes":{"sys_locked":{"type":"bool","description":"Is the Workspace locked by the Schematic action ?.","description_kind":"plain","optional":true},"sys_locked_at":{"type":"string","description":"When the user performed the action that lead to lock the Workspace ?.","description_kind":"plain","optional":true},"sys_locked_by":{"type":"string","description":"Name of the user who performed the action, that lead to lock the Workspace.","description_kind":"plain","optional":true}},"description":"System lock status.","description_kind":"plain"}}},"description":"Complete target details with the user inputs and the system generated data.","description_kind":"plain"}},"credentials":{"nesting_mode":"list","block":{"attributes":{"link":{"type":"string","description":"Reference link to the variable value By default the expression will point to self.value.","description_kind":"plain","optional":true,"computed":true},"name":{"type":"string","description":"Name of the variable.","description_kind":"plain","optional":true},"value":{"type":"string","description":"Value for the variable or reference to the value.","description_kind":"plain","optional":true}},"block_types":{"metadata":{"nesting_mode":"list","block":{"attributes":{"aliases":{"type":["list","string"],"description":"List of aliases for the variable name.","description_kind":"plain","optional":true},"default_value":{"type":"string","description":"Default value for the variable, if the override value is not specified.","description_kind":"plain","optional":true},"description":{"type":"string","description":"Description of the meta data.","description_kind":"plain","optional":true},"group_by":{"type":"string","description":"Display name of the group this variable belongs to.","description_kind":"plain","optional":true},"hidden":{"type":"bool","description":"If true, the variable will not be displayed on UI or CLI.","description_kind":"plain","optional":true},"immutable":{"type":"bool","description":"Is the variable readonly ?.","description_kind":"plain","optional":true},"matches":{"type":"string","description":"Regex for the variable value.","description_kind":"plain","optional":true},"max_length":{"type":"number","description":"Maximum length of the variable value. Applicable for string type.","description_kind":"plain","optional":true},"max_value":{"type":"number","description":"Maximum value of the variable. Applicable for integer type.","description_kind":"plain","optional":true},"min_length":{"type":"number","description":"Minimum length of the variable value. Applicable for string type.","description_kind":"plain","optional":true},"min_value":{"type":"number","description":"Minimum value of the variable. Applicable for integer type.","description_kind":"plain","optional":true},"options":{"type":["list","string"],"description":"List of possible values for this variable.  If type is integer or date, then the array of string will be  converted to array of integers or date during runtime.","description_kind":"plain","optional":true},"position":{"type":"number","description":"Relative position of this variable in a list.","description_kind":"plain","optional":true},"secure":{"type":"bool","description":"Is the variable secure or sensitive ?.","description_kind":"plain","optional":true},"source":{"type":"string","description":"Source of this meta-data.","description_kind":"plain","optional":true},"type":{"type":"string","description":"Type of the variable.","description_kind":"plain","optional":true}},"description":"User editable metadata for the variables.","description_kind":"plain"}}},"description":"credentials of the Action.","description_kind":"plain"}},"settings":{"nesting_mode":"list","block":{"attributes":{"link":{"type":"string","description":"Reference link to the variable value By default the expression will point to self.value.","description_kind":"plain","optional":true,"computed":true},"name":{"type":"string","description":"Name of the variable.","description_kind":"plain","optional":true},"value":{"type":"string","description":"Value for the variable or reference to the value.","description_kind":"plain","optional":true}},"block_types":{"metadata":{"nesting_mode":"list","block":{"attributes":{"aliases":{"type":["list","string"],"description":"List of aliases for the variable name.","description_kind":"plain","optional":true},"default_value":{"type":"string","description":"Default value for the variable, if the override value is not specified.","description_kind":"plain","optional":true},"description":{"type":"string","description":"Description of the meta data.","description_kind":"plain","optional":true},"group_by":{"type":"string","description":"Display name of the group this variable belongs to.","description_kind":"plain","optional":true},"hidden":{"type":"bool","description":"If true, the variable will not be displayed on UI or CLI.","description_kind":"plain","optional":true},"immutable":{"type":"bool","description":"Is the variable readonly ?.","description_kind":"plain","optional":true},"matches":{"type":"string","description":"Regex for the variable value.","description_kind":"plain","optional":true},"max_length":{"type":"number","description":"Maximum length of the variable value. Applicable for string type.","description_kind":"plain","optional":true},"max_value":{"type":"number","description":"Maximum value of the variable. Applicable for integer type.","description_kind":"plain","optional":true},"min_length":{"type":"number","description":"Minimum length of the variable value. Applicable for string type.","description_kind":"plain","optional":true},"min_value":{"type":"number","description":"Minimum value of the variable. Applicable for integer type.","description_kind":"plain","optional":true},"options":{"type":["list","string"],"description":"List of possible values for this variable.  If type is integer or date, then the array of string will be  converted to array of integers or date during runtime.","description_kind":"plain","optional":true},"position":{"type":"number","description":"Relative position of this variable in a list.","description_kind":"plain","optional":true},"secure":{"type":"bool","description":"Is the variable secure or sensitive ?.","description_kind":"plain","optional":true},"source":{"type":"string","description":"Source of this meta-data.","description_kind":"plain","optional":true},"type":{"type":"string","description":"Type of the variable.","description_kind":"plain","optional":true}},"description":"User editable metadata for the variables.","description_kind":"plain"}}},"description":"Environment variables for an action.","description_kind":"plain"}},"source":{"nesting_mode":"list","block":{"attributes":{"source_type":{"type":"string","description":"Type of source for the Template.","description_kind":"plain","required":true}},"block_types":{"git":{"nesting_mode":"list","block":{"attributes":{"git_branch":{"type":"string","description":"Name of the branch, used to fetch the Git Repo.","description_kind":"plain","optional":true},"git_release":{"type":"string","description":"Name of the release tag, used to fetch the Git Repo.","description_kind":"plain","optional":true},"git_repo_folder":{"type":"string","description":"Name of the folder in the Git Repo, that contains the template.","description_kind":"plain","optional":true},"git_repo_url":{"type":"string","description":"URL to the GIT Repo that can be used to clone the template.","description_kind":"plain","optional":true},"git_token":{"type":"string","description":"Personal Access Token to connect to Git URLs.","description_kind":"plain","optional":true}},"description":"Connection details to Git source.","description_kind":"plain"}}},"description":"Source of templates, playbooks, or controls.","description_kind":"plain"}},"sys_lock":{"nesting_mode":"list","block":{"attributes":{"sys_locked":{"type":"bool","description":"Is the Workspace locked by the Schematic action ?.","description_kind":"plain","optional":true},"sys_locked_at":{"type":"string","description":"When the user performed the action that lead to lock the Workspace ?.","description_kind":"plain","optional":true},"sys_locked_by":{"type":"string","description":"Name of the user who performed the action, that lead to lock the Workspace.","description_kind":"plain","optional":true}},"description":"System lock status.","description_kind":"plain"}},"user_state":{"nesting_mode":"list","block":{"attributes":{"set_at":{"type":"string","description":"When the user who set the state of an Object.","description_kind":"plain","optional":true,"computed":true},"set_by":{"type":"string","description":"Name of the user who set the state of an Object.","description_kind":"plain","optional":true,"computed":true},"state":{"type":"string","description":"User defined states  * `draft` Object can be modified, and can be used by jobs run by an author, during execution  * `live` Object can be modified, and can be used by jobs during execution  * `locked` Object cannot be modified, and can be used by jobs during execution  * `disable` Object can be modified, and cannot be used by Jobs during execution.","description_kind":"plain","optional":true}},"description":"User defined status of the Schematics object.","description_kind":"plain"}}},"description_kind":"plain"}},"ibm_schematics_job":{"version":0,"block":{"attributes":{"command_name":{"type":"string","description":"Schematics job command name.","description_kind":"plain","required":true},"command_object":{"type":"string","description":"Name of the Schematics automation resource.","description_kind":"plain","required":true},"command_object_id":{"type":"string","description":"Job command object ID (`workspace-id, action-id or control-id`).","description_kind":"plain","required":true},"command_options":{"type":["list","string"],"description":"Command line options for the command.","description_kind":"plain","optional":true},"command_parameter":{"type":"string","description":"Schematics job command parameter (`playbook-name, capsule-name or flow-name`).","description_kind":"plain","required":true},"description":{"type":"string","description":"Job description derived from the related action.","description_kind":"plain","computed":true},"duration":{"type":"string","description":"Duration of job execution, for example, `40 sec`.","description_kind":"plain","computed":true},"end_at":{"type":"string","description":"Job end time.","description_kind":"plain","computed":true},"id":{"type":"string","description_kind":"plain","optional":true,"computed":true},"location":{"type":"string","description":"List of action locations supported by IBM Cloud Schematics service.  **Note** this does not limit the location of the resources provisioned using Schematics.","description_kind":"plain","optional":true},"log_store_url":{"type":"string","description":"Job log store URL.","description_kind":"plain","computed":true},"name":{"type":"string","description":"Job name, uniquely derived from the related action.","description_kind":"plain","computed":true},"resource_group":{"type":"string","description":"Resource group name derived from the related action.","description_kind":"plain","computed":true},"results_url":{"type":"string","description":"Job results store URL.","description_kind":"plain","computed":true},"start_at":{"type":"string","description":"Job start time.","description_kind":"plain","computed":true},"state_store_url":{"type":"string","description":"Job state store URL.","description_kind":"plain","computed":true},"status":{"type":["list",["object",{"action_job_status":["list",["object",{"action_name":"string","bastion_status_code":"string","bastion_status_message":"string","status_code":"string","status_message":"string","targets_status_code":"string","targets_status_message":"string","updated_at":"string"}]]}]],"description":"Job Status.","description_kind":"plain","computed":true},"submitted_at":{"type":"string","description":"Job submission time.","description_kind":"plain","computed":true},"submitted_by":{"type":"string","description":"E-mail address of the user who submitted the job.","description_kind":"plain","computed":true},"tags":{"type":["list","string"],"description":"User defined tags, while running the job.","description_kind":"plain","optional":true},"targets_ini":{"type":"string","description":"Inventory of host and host group for the playbook in `INI` file format. For example, `\"targets_ini\": \"[webserverhost]  172.22.192.6  [dbhost]  172.22.192.5\"`. For more information, about an inventory host group syntax, see [Inventory host groups](/docs/schematics?topic=schematics-schematics-cli-reference#schematics-inventory-host-grps).","description_kind":"plain","computed":true},"updated_at":{"type":"string","description":"Job status updation timestamp.","description_kind":"plain","computed":true}},"block_types":{"bastion":{"nesting_mode":"list","block":{"attributes":{"created_at":{"type":"string","description":"Targets creation time.","description_kind":"plain","optional":true,"computed":true},"created_by":{"type":"string","description":"E-mail address of the user who created the targets.","description_kind":"plain","optional":true,"computed":true},"credential_ref":{"type":"string","description":"Override credential for each resource.  Reference to credentials values, used by all the resources.","description_kind":"plain","optional":true},"description":{"type":"string","description":"Target description.","description_kind":"plain","optional":true},"id":{"type":"string","description":"Target ID.","description_kind":"plain","optional":true,"computed":true},"name":{"type":"string","description":"Target name.","description_kind":"plain","optional":true},"resource_ids":{"type":["list","string"],"description":"Array of the resource IDs.","description_kind":"plain","optional":true,"computed":true},"resource_query":{"type":"string","description":"Resource selection query string.","description_kind":"plain","optional":true},"type":{"type":"string","description":"Target type (`cluster`, `vsi`, `icd`, `vpc`).","description_kind":"plain","optional":true},"updated_at":{"type":"string","description":"Targets updation time.","description_kind":"plain","optional":true,"computed":true},"updated_by":{"type":"string","description":"E-mail address of user who updated the targets.","description_kind":"plain","optional":true,"computed":true}},"block_types":{"sys_lock":{"nesting_mode":"list","block":{"attributes":{"sys_locked":{"type":"bool","description":"Is the Workspace locked by the Schematic action ?.","description_kind":"plain","optional":true},"sys_locked_at":{"type":"string","description":"When the user performed the action that lead to lock the Workspace ?.","description_kind":"plain","optional":true},"sys_locked_by":{"type":"string","description":"Name of the user who performed the action, that lead to lock the Workspace.","description_kind":"plain","optional":true}},"description":"System lock status.","description_kind":"plain"}}},"description":"Complete target details with the user inputs and the system generated data.","description_kind":"plain"}},"data":{"nesting_mode":"list","block":{"attributes":{"job_type":{"type":"string","description":"Type of the job.","description_kind":"plain","required":true}},"block_types":{"action_job_data":{"nesting_mode":"list","block":{"attributes":{"action_name":{"type":"string","description":"Flow name.","description_kind":"plain","optional":true},"updated_at":{"type":"string","description":"Job status updation timestamp.","description_kind":"plain","optional":true}},"block_types":{"inputs":{"nesting_mode":"list","block":{"attributes":{"link":{"type":"string","description":"Reference link to the variable value By default the expression will point to self.value.","description_kind":"plain","optional":true,"computed":true},"name":{"type":"string","description":"Name of the variable.","description_kind":"plain","optional":true},"value":{"type":"string","description":"Value for the variable or reference to the value.","description_kind":"plain","optional":true}},"block_types":{"metadata":{"nesting_mode":"list","block":{"attributes":{"aliases":{"type":["list","string"],"description":"List of aliases for the variable name.","description_kind":"plain","optional":true},"default_value":{"type":"string","description":"Default value for the variable, if the override value is not specified.","description_kind":"plain","optional":true},"description":{"type":"string","description":"Description of the meta data.","description_kind":"plain","optional":true},"group_by":{"type":"string","description":"Display name of the group this variable belongs to.","description_kind":"plain","optional":true},"hidden":{"type":"bool","description":"If true, the variable will not be displayed on UI or CLI.","description_kind":"plain","optional":true},"immutable":{"type":"bool","description":"Is the variable readonly ?.","description_kind":"plain","optional":true},"matches":{"type":"string","description":"Regex for the variable value.","description_kind":"plain","optional":true},"max_length":{"type":"number","description":"Maximum length of the variable value. Applicable for string type.","description_kind":"plain","optional":true},"max_value":{"type":"number","description":"Maximum value of the variable. Applicable for integer type.","description_kind":"plain","optional":true},"min_length":{"type":"number","description":"Minimum length of the variable value. Applicable for string type.","description_kind":"plain","optional":true},"min_value":{"type":"number","description":"Minimum value of the variable. Applicable for integer type.","description_kind":"plain","optional":true},"options":{"type":["list","string"],"description":"List of possible values for this variable.  If type is integer or date, then the array of string will be  converted to array of integers or date during runtime.","description_kind":"plain","optional":true},"position":{"type":"number","description":"Relative position of this variable in a list.","description_kind":"plain","optional":true},"secure":{"type":"bool","description":"Is the variable secure or sensitive ?.","description_kind":"plain","optional":true},"source":{"type":"string","description":"Source of this meta-data.","description_kind":"plain","optional":true},"type":{"type":"string","description":"Type of the variable.","description_kind":"plain","optional":true}},"description":"User editable metadata for the variables.","description_kind":"plain"}}},"description":"Input variables data used by an action job.","description_kind":"plain"}},"outputs":{"nesting_mode":"list","block":{"attributes":{"link":{"type":"string","description":"Reference link to the variable value By default the expression will point to self.value.","description_kind":"plain","optional":true,"computed":true},"name":{"type":"string","description":"Name of the variable.","description_kind":"plain","optional":true},"value":{"type":"string","description":"Value for the variable or reference to the value.","description_kind":"plain","optional":true}},"block_types":{"metadata":{"nesting_mode":"list","block":{"attributes":{"aliases":{"type":["list","string"],"description":"List of aliases for the variable name.","description_kind":"plain","optional":true},"default_value":{"type":"string","description":"Default value for the variable, if the override value is not specified.","description_kind":"plain","optional":true},"description":{"type":"string","description":"Description of the meta data.","description_kind":"plain","optional":true},"group_by":{"type":"string","description":"Display name of the group this variable belongs to.","description_kind":"plain","optional":true},"hidden":{"type":"bool","description":"If true, the variable will not be displayed on UI or CLI.","description_kind":"plain","optional":true},"immutable":{"type":"bool","description":"Is the variable readonly ?.","description_kind":"plain","optional":true},"matches":{"type":"string","description":"Regex for the variable value.","description_kind":"plain","optional":true},"max_length":{"type":"number","description":"Maximum length of the variable value. Applicable for string type.","description_kind":"plain","optional":true},"max_value":{"type":"number","description":"Maximum value of the variable. Applicable for integer type.","description_kind":"plain","optional":true},"min_length":{"type":"number","description":"Minimum length of the variable value. Applicable for string type.","description_kind":"plain","optional":true},"min_value":{"type":"number","description":"Minimum value of the variable. Applicable for integer type.","description_kind":"plain","optional":true},"options":{"type":["list","string"],"description":"List of possible values for this variable.  If type is integer or date, then the array of string will be  converted to array of integers or date during runtime.","description_kind":"plain","optional":true},"position":{"type":"number","description":"Relative position of this variable in a list.","description_kind":"plain","optional":true},"secure":{"type":"bool","description":"Is the variable secure or sensitive ?.","description_kind":"plain","optional":true},"source":{"type":"string","description":"Source of this meta-data.","description_kind":"plain","optional":true},"type":{"type":"string","description":"Type of the variable.","description_kind":"plain","optional":true}},"description":"User editable metadata for the variables.","description_kind":"plain"}}},"description":"Output variables data from an action job.","description_kind":"plain"}},"settings":{"nesting_mode":"list","block":{"attributes":{"link":{"type":"string","description":"Reference link to the variable value By default the expression will point to self.value.","description_kind":"plain","optional":true,"computed":true},"name":{"type":"string","description":"Name of the variable.","description_kind":"plain","optional":true},"value":{"type":"string","description":"Value for the variable or reference to the value.","description_kind":"plain","optional":true}},"block_types":{"metadata":{"nesting_mode":"list","block":{"attributes":{"aliases":{"type":["list","string"],"description":"List of aliases for the variable name.","description_kind":"plain","optional":true},"default_value":{"type":"string","description":"Default value for the variable, if the override value is not specified.","description_kind":"plain","optional":true},"description":{"type":"string","description":"Description of the meta data.","description_kind":"plain","optional":true},"group_by":{"type":"string","description":"Display name of the group this variable belongs to.","description_kind":"plain","optional":true},"hidden":{"type":"bool","description":"If true, the variable will not be displayed on UI or CLI.","description_kind":"plain","optional":true},"immutable":{"type":"bool","description":"Is the variable readonly ?.","description_kind":"plain","optional":true},"matches":{"type":"string","description":"Regex for the variable value.","description_kind":"plain","optional":true},"max_length":{"type":"number","description":"Maximum length of the variable value. Applicable for string type.","description_kind":"plain","optional":true},"max_value":{"type":"number","description":"Maximum value of the variable. Applicable for integer type.","description_kind":"plain","optional":true},"min_length":{"type":"number","description":"Minimum length of the variable value. Applicable for string type.","description_kind":"plain","optional":true},"min_value":{"type":"number","description":"Minimum value of the variable. Applicable for integer type.","description_kind":"plain","optional":true},"options":{"type":["list","string"],"description":"List of possible values for this variable.  If type is integer or date, then the array of string will be  converted to array of integers or date during runtime.","description_kind":"plain","optional":true},"position":{"type":"number","description":"Relative position of this variable in a list.","description_kind":"plain","optional":true},"secure":{"type":"bool","description":"Is the variable secure or sensitive ?.","description_kind":"plain","optional":true},"source":{"type":"string","description":"Source of this meta-data.","description_kind":"plain","optional":true},"type":{"type":"string","description":"Type of the variable.","description_kind":"plain","optional":true}},"description":"User editable metadata for the variables.","description_kind":"plain"}}},"description":"Environment variables used by all the templates in an action.","description_kind":"plain"}}},"description":"Action Job data.","description_kind":"plain"}}},"description":"Job data.","description_kind":"plain"}},"job_env_settings":{"nesting_mode":"list","block":{"attributes":{"link":{"type":"string","description":"Reference link to the variable value By default the expression will point to self.value.","description_kind":"plain","optional":true,"computed":true},"name":{"type":"string","description":"Name of the variable.","description_kind":"plain","required":true},"value":{"type":"string","description":"Value for the variable or reference to the value.","description_kind":"plain","required":true}},"block_types":{"metadata":{"nesting_mode":"list","block":{"attributes":{"aliases":{"type":["list","string"],"description":"List of aliases for the variable name.","description_kind":"plain","optional":true},"default_value":{"type":"string","description":"Default value for the variable, if the override value is not specified.","description_kind":"plain","optional":true},"description":{"type":"string","description":"Description of the meta data.","description_kind":"plain","optional":true},"group_by":{"type":"string","description":"Display name of the group this variable belongs to.","description_kind":"plain","optional":true},"hidden":{"type":"bool","description":"If true, the variable will not be displayed on UI or CLI.","description_kind":"plain","optional":true},"immutable":{"type":"bool","description":"Is the variable readonly ?.","description_kind":"plain","optional":true},"matches":{"type":"string","description":"Regex for the variable value.","description_kind":"plain","optional":true},"max_length":{"type":"number","description":"Maximum length of the variable value. Applicable for string type.","description_kind":"plain","optional":true},"max_value":{"type":"number","description":"Maximum value of the variable. Applicable for integer type.","description_kind":"plain","optional":true},"min_length":{"type":"number","description":"Minimum length of the variable value. Applicable for string type.","description_kind":"plain","optional":true},"min_value":{"type":"number","description":"Minimum value of the variable. Applicable for integer type.","description_kind":"plain","optional":true},"options":{"type":["list","string"],"description":"List of possible values for this variable.  If type is integer or date, then the array of string will be  converted to array of integers or date during runtime.","description_kind":"plain","optional":true},"position":{"type":"number","description":"Relative position of this variable in a list.","description_kind":"plain","optional":true},"secure":{"type":"bool","description":"Is the variable secure or sensitive ?.","description_kind":"plain","optional":true},"source":{"type":"string","description":"Source of this meta-data.","description_kind":"plain","optional":true},"type":{"type":"string","description":"Type of the variable.","description_kind":"plain","required":true}},"description":"User editable metadata for the variables.","description_kind":"plain"}}},"description":"Environment variables used by the job while performing an action.","description_kind":"plain"}},"job_inputs":{"nesting_mode":"list","block":{"attributes":{"link":{"type":"string","description":"Reference link to the variable value By default the expression will point to self.value.","description_kind":"plain","optional":true,"computed":true},"name":{"type":"string","description":"Name of the variable.","description_kind":"plain","required":true},"value":{"type":"string","description":"Value for the variable or reference to the value.","description_kind":"plain","required":true}},"block_types":{"metadata":{"nesting_mode":"list","block":{"attributes":{"aliases":{"type":["list","string"],"description":"List of aliases for the variable name.","description_kind":"plain","optional":true},"default_value":{"type":"string","description":"Default value for the variable, if the override value is not specified.","description_kind":"plain","optional":true},"description":{"type":"string","description":"Description of the meta data.","description_kind":"plain","optional":true},"group_by":{"type":"string","description":"Display name of the group this variable belongs to.","description_kind":"plain","optional":true},"hidden":{"type":"bool","description":"If true, the variable will not be displayed on UI or CLI.","description_kind":"plain","optional":true},"immutable":{"type":"bool","description":"Is the variable readonly ?.","description_kind":"plain","optional":true},"matches":{"type":"string","description":"Regex for the variable value.","description_kind":"plain","optional":true},"max_length":{"type":"number","description":"Maximum length of the variable value. Applicable for string type.","description_kind":"plain","optional":true},"max_value":{"type":"number","description":"Maximum value of the variable. Applicable for integer type.","description_kind":"plain","optional":true},"min_length":{"type":"number","description":"Minimum length of the variable value. Applicable for string type.","description_kind":"plain","optional":true},"min_value":{"type":"number","description":"Minimum value of the variable. Applicable for integer type.","description_kind":"plain","optional":true},"options":{"type":["list","string"],"description":"List of possible values for this variable.  If type is integer or date, then the array of string will be  converted to array of integers or date during runtime.","description_kind":"plain","optional":true},"position":{"type":"number","description":"Relative position of this variable in a list.","description_kind":"plain","optional":true},"secure":{"type":"bool","description":"Is the variable secure or sensitive ?.","description_kind":"plain","optional":true},"source":{"type":"string","description":"Source of this meta-data.","description_kind":"plain","optional":true},"type":{"type":"string","description":"Type of the variable.","description_kind":"plain","required":true}},"description":"User editable metadata for the variables.","description_kind":"plain"}}},"description":"Job inputs used by an action.","description_kind":"plain"}},"job_log_summary":{"nesting_mode":"list","block":{"attributes":{"elapsed_time":{"type":"number","description":"Job log elapsed time (`log_analyzed_till - log_start_at`).","description_kind":"plain","optional":true,"computed":true},"job_id":{"type":"string","description":"Workspace ID.","description_kind":"plain","optional":true,"computed":true},"job_type":{"type":"string","description":"Type of Job.","description_kind":"plain","optional":true},"log_analyzed_till":{"type":"string","description":"Job log update timestamp.","description_kind":"plain","optional":true,"computed":true},"log_start_at":{"type":"string","description":"Job log start timestamp.","description_kind":"plain","optional":true,"computed":true}},"block_types":{"action_job":{"nesting_mode":"list","block":{"attributes":{"play_count":{"type":"number","description":"number of plays in playbook.","description_kind":"plain","optional":true,"computed":true},"target_count":{"type":"number","description":"number of targets or hosts.","description_kind":"plain","optional":true,"computed":true},"task_count":{"type":"number","description":"number of tasks in playbook.","description_kind":"plain","optional":true,"computed":true}},"block_types":{"recap":{"nesting_mode":"list","block":{"attributes":{"changed":{"type":"number","description":"Number of changed.","description_kind":"plain","optional":true},"failed":{"type":"number","description":"Number of failed.","description_kind":"plain","optional":true},"ok":{"type":"number","description":"Number of OK.","description_kind":"plain","optional":true},"skipped":{"type":"number","description":"Number of skipped.","description_kind":"plain","optional":true},"target":{"type":["list","string"],"description":"List of target or host name.","description_kind":"plain","optional":true},"unreachable":{"type":"number","description":"Number of unreachable.","description_kind":"plain","optional":true}},"description":"Recap records.","description_kind":"plain"}}},"description":"Flow Job log summary.","description_kind":"plain"}},"log_errors":{"nesting_mode":"list","block":{"attributes":{"error_code":{"type":"string","description":"Error code in the Log.","description_kind":"plain","optional":true},"error_count":{"type":"number","description":"Number of occurrence.","description_kind":"plain","optional":true},"error_msg":{"type":"string","description":"Summary error message in the log.","description_kind":"plain","optional":true}},"description":"Job log errors.","description_kind":"plain"}},"repo_download_job":{"nesting_mode":"list","block":{"attributes":{"detected_filetype":{"type":"string","description":"Detected template or data file type.","description_kind":"plain","optional":true,"computed":true},"inputs_count":{"type":"string","description":"Number of inputs detected.","description_kind":"plain","optional":true,"computed":true},"outputs_count":{"type":"string","description":"Number of outputs detected.","description_kind":"plain","optional":true,"computed":true},"quarantined_file_count":{"type":"number","description":"Number of files quarantined.","description_kind":"plain","optional":true,"computed":true},"scanned_file_count":{"type":"number","description":"Number of files scanned.","description_kind":"plain","optional":true,"computed":true}},"description":"Repo download Job log summary.","description_kind":"plain"}}},"description":"Job log summary record.","description_kind":"plain"}}},"description_kind":"plain"}},"ibm_schematics_workspace":{"version":0,"block":{"attributes":{"applied_shareddata_ids":{"type":["list","string"],"description":"List of applied shared dataset id.","description_kind":"plain","optional":true},"created_at":{"type":"string","description":"The timestamp when the workspace was created.","description_kind":"plain","computed":true},"created_by":{"type":"string","description":"The user ID that created the workspace.","description_kind":"plain","computed":true},"crn":{"type":"string","description":"Workspace CRN.","description_kind":"plain","computed":true},"description":{"type":"string","description":"The description of the workspace.","description_kind":"plain","optional":true},"frozen":{"type":"bool","description":"If set to true, the workspace is frozen and changes to the workspace are disabled.","description_kind":"plain","optional":true},"frozen_at":{"type":"string","description":"The timestamp when the workspace was frozen.","description_kind":"plain","optional":true},"frozen_by":{"type":"string","description":"The user ID that froze the workspace.","description_kind":"plain","optional":true},"id":{"type":"string","description_kind":"plain","optional":true,"computed":true},"last_health_check_at":{"type":"string","description":"The timestamp when the last health check was performed by Schematics.","description_kind":"plain","computed":true},"location":{"type":"string","description":"The location where you want to create your Schematics workspace and run Schematics actions. The location that you enter must match the API endpoint that you use. For example, if you use the Frankfurt API endpoint, you must specify `eu-de` as your location. If you use an API endpoint for a geography and you do not specify a location, Schematics determines the location based on availability.","description_kind":"plain","optional":true},"locked":{"type":"bool","description":"If set to true, the workspace is locked and disabled for changes.","description_kind":"plain","optional":true,"computed":true},"locked_by":{"type":"string","description":"The user ID that initiated a resource-related action, such as applying or destroying resources, that locked the workspace.","description_kind":"plain","optional":true,"computed":true},"locked_time":{"type":"string","description":"The timestamp when the workspace was locked.","description_kind":"plain","optional":true,"computed":true},"name":{"type":"string","description":"The name of your workspace. The name can be up to 128 characters long and can include alphanumeric characters, spaces, dashes, and underscores. When you create a workspace for your own Terraform template, consider including the microservice component that you set up with your Terraform template and the IBM Cloud environment where you want to deploy your resources in your name.","description_kind":"plain","required":true},"resource_group":{"type":"string","description":"The ID of the resource group where you want to provision the workspace.","description_kind":"plain","optional":true},"runtime_data":{"type":["list",["object",{"engine_cmd":"string","engine_name":"string","engine_version":"string","id":"string","log_store_url":"string","output_values":["list",["map","string"]],"resources":["list",["map","string"]],"state_store_url":"string"}]],"description":"Information about the provisioning engine, state file, and runtime logs.","description_kind":"plain","computed":true},"status":{"type":"string","description":"The status of the workspace.  **Active**: After you successfully ran your infrastructure code by applying your Terraform execution plan, the state of your workspace changes to `Active`.  **Connecting**: Schematics tries to connect to the template in your source repo. If successfully connected, the template is downloaded and metadata, such as input parameters, is extracted. After the template is downloaded, the state of the workspace changes to `Scanning`.  **Draft**: The workspace is created without a reference to a GitHub or GitLab repository.  **Failed**: If errors occur during the execution of your infrastructure code in IBM Cloud Schematics, your workspace status is set to `Failed`.  **Inactive**: The Terraform template was scanned successfully and the workspace creation is complete. You can now start running Schematics plan and apply actions to provision the IBM Cloud resources that you specified in your template. If you have an `Active` workspace and decide to remove all your resources, your workspace is set to `Inactive` after all your resources are removed.  **In progress**: When you instruct IBM Cloud Schematics to run your infrastructure code by applying your Terraform execution plan, the status of our workspace changes to `In progress`.  **Scanning**: The download of the Terraform template is complete and vulnerability scanning started. If the scan is successful, the workspace state changes to `Inactive`. If errors in your template are found, the state changes to `Template Error`.  **Stopped**: The Schematics plan, apply, or destroy action was cancelled manually.  **Template Error**: The Schematics template contains errors and cannot be processed.","description_kind":"plain","computed":true},"status_code":{"type":"string","description":"The success or error code that was returned for the last plan, apply, or destroy action that ran against your workspace.","description_kind":"plain","optional":true},"status_msg":{"type":"string","description":"The success or error message that was returned for the last plan, apply, or destroy action that ran against your workspace.","description_kind":"plain","optional":true},"tags":{"type":["list","string"],"description":"A list of tags that are associated with the workspace.","description_kind":"plain","optional":true},"template_env_settings":{"type":["list",["map","string"]],"description":"A list of environment variables that you want to apply during the execution of a bash script or Terraform action. This field must be provided as a list of key-value pairs, for example, **TF_LOG=debug**. Each entry will be a map with one entry where `key is the environment variable name and value is value`. You can define environment variables for IBM Cloud catalog offerings that are provisioned by using a bash script.","description_kind":"plain","optional":true},"template_git_branch":{"type":"string","description":"The branch in GitHub where your Terraform template is stored.","description_kind":"plain","optional":true},"template_git_folder":{"type":"string","description":"The subfolder in your GitHub or GitLab repository where your Terraform template is stored.","description_kind":"plain","optional":true},"template_git_has_uploadedgitrepotar":{"type":"bool","description":"Has uploaded git repo tar","description_kind":"plain","optional":true,"computed":true},"template_git_release":{"type":"string","description":"The release tag in GitHub of your Terraform template.","description_kind":"plain","optional":true},"template_git_repo_sha_value":{"type":"string","description":"Repo SHA value.","description_kind":"plain","optional":true},"template_git_repo_url":{"type":"string","description":"The URL to the repository where the IBM Cloud catalog software template is stored.","description_kind":"plain","optional":true},"template_git_url":{"type":"string","description":"The URL to the GitHub or GitLab repository where your Terraform and public bit bucket template is stored. For more information of the environment variable syntax, see [Create workspace new](/docs/schematics?topic=schematics-schematics-cli-reference#schematics-workspace-new).","description_kind":"plain","optional":true},"template_init_state_file":{"type":"string","description":"The content of an existing Terraform statefile that you want to import in to your workspace. To get the content of a Terraform statefile for a specific Terraform template in an existing workspace, run `ibmcloud terraform state pull --id \u003cworkspace_id\u003e --template \u003ctemplate_id\u003e`.","description_kind":"plain","optional":true},"template_ref":{"type":"string","description":"Workspace template ref.","description_kind":"plain","optional":true},"template_type":{"type":"string","description":"The Terraform version that you want to use to run your Terraform code. Enter `terraform_v0.12` to use Terraform version 0.12, and `terraform_v0.11` to use Terraform version 0.11. Make sure that your Terraform config files are compatible with the Terraform version that you select.","description_kind":"plain","required":true},"template_uninstall_script_name":{"type":"string","description":"Uninstall script name.","description_kind":"plain","optional":true},"template_values":{"type":"string","description":"A list of variable values that you want to apply during the Helm chart installation. The list must be provided in JSON format, such as `\"autoscaling:  enabled: true  minReplicas: 2\"`. The values that you define here override the default Helm chart values. This field is supported only for IBM Cloud catalog offerings that are provisioned by using the Terraform Helm provider.","description_kind":"plain","optional":true},"template_values_metadata":{"type":["list",["map","string"]],"description":"List of values metadata.","description_kind":"plain","optional":true,"computed":true},"updated_at":{"type":"string","description":"The timestamp when the workspace was last updated.","description_kind":"plain","computed":true},"updated_by":{"type":"string","description":"The user ID that updated the workspace.","description_kind":"plain","computed":true},"x_github_token":{"type":"string","description":"The personal access token to authenticate with your private GitHub or GitLab repository and access your Terraform template.","description_kind":"plain","optional":true}},"block_types":{"catalog_ref":{"nesting_mode":"list","block":{"attributes":{"dry_run":{"type":"bool","description":"Dry run.","description_kind":"plain","optional":true},"item_icon_url":{"type":"string","description":"The URL to the icon of the software template in the IBM Cloud catalog.","description_kind":"plain","optional":true},"item_id":{"type":"string","description":"The ID of the software template that you chose to install from the IBM Cloud catalog. This software is provisioned with Schematics.","description_kind":"plain","optional":true},"item_name":{"type":"string","description":"The name of the software that you chose to install from the IBM Cloud catalog.","description_kind":"plain","optional":true},"item_readme_url":{"type":"string","description":"The URL to the readme file of the software template in the IBM Cloud catalog.","description_kind":"plain","optional":true},"item_url":{"type":"string","description":"The URL to the software template in the IBM Cloud catalog.","description_kind":"plain","optional":true},"launch_url":{"type":"string","description":"The URL to the dashboard to access your software.","description_kind":"plain","optional":true},"offering_version":{"type":"string","description":"The version of the software template that you chose to install from the IBM Cloud catalog.","description_kind":"plain","optional":true}},"description":"Information about the software template that you chose from the IBM Cloud catalog. This information is returned for IBM Cloud catalog offerings only.","description_kind":"plain"},"max_items":1},"shared_data":{"nesting_mode":"list","block":{"attributes":{"cluster_created_on":{"type":"string","description":"Cluster created on.","description_kind":"plain","optional":true},"cluster_id":{"type":"string","description":"The ID of the cluster where you want to provision the resources of all IBM Cloud catalog templates that are included in the catalog offering.","description_kind":"plain","optional":true},"cluster_name":{"type":"string","description":"Cluster name.","description_kind":"plain","optional":true},"cluster_type":{"type":"string","description":"Cluster type.","description_kind":"plain","optional":true},"entitlement_keys":{"type":["list",["map","string"]],"description":"The entitlement key that you want to use to install IBM Cloud entitled software.","description_kind":"plain","optional":true},"namespace":{"type":"string","description":"The Kubernetes namespace or OpenShift project where the resources of all IBM Cloud catalog templates that are included in the catalog offering are deployed into.","description_kind":"plain","optional":true},"region":{"type":"string","description":"The IBM Cloud region that you want to use for the resources of all IBM Cloud catalog templates that are included in the catalog offering.","description_kind":"plain","optional":true},"resource_group_id":{"type":"string","description":"The ID of the resource group that you want to use for the resources of all IBM Cloud catalog templates that are included in the catalog offering.","description_kind":"plain","optional":true},"worker_count":{"type":"number","description":"Cluster worker count.","description_kind":"plain","optional":true},"worker_machine_type":{"type":"string","description":"Cluster worker type.","description_kind":"plain","optional":true}},"description":"Information that is shared across templates in IBM Cloud catalog offerings. This information is not provided when you create a workspace from your own Terraform template.","description_kind":"plain"},"max_items":1},"template_inputs":{"nesting_mode":"list","block":{"attributes":{"description":{"type":"string","description":"The description of your input variable.","description_kind":"plain","optional":true},"name":{"type":"string","description":"The name of the variable.","description_kind":"plain","required":true},"secure":{"type":"bool","description":"If set to `true`, the value of your input variable is protected and not returned in your API response.","description_kind":"plain","optional":true},"type":{"type":"string","description":"`Terraform v0.11` supports `string`, `list`, `map` data type. For more information, about the syntax, see [Configuring input variables](https://www.terraform.io/docs/configuration-0-11/variables.html). \u003cbr\u003e `Terraform v0.12` additionally, supports `bool`, `number` and complex data types such as `list(type)`, `map(type)`, `object({attribute name=type,..})`, `set(type)`, `tuple([type])`. For more information, about the syntax to use the complex data type, see [Configuring variables](https://www.terraform.io/docs/configuration/variables.html#type-constraints).","description_kind":"plain","required":true},"use_default":{"type":"bool","description":"Variable uses default value; and is not over-ridden.","description_kind":"plain","optional":true},"value":{"type":"string","description":"Enter the value as a string for the primitive types such as `bool`, `number`, `string`, and `HCL` format for the complex variables, as you provide in a `.tfvars` file. **You need to enter escaped string of `HCL` format for the complex variable value**. For more information, about how to declare variables in a terraform configuration file and provide value to schematics, see [Providing values for the declared variables](/docs/schematics?topic=schematics-create-tf-config#declare-variable).","description_kind":"plain","required":true}},"description":"VariablesRequest -.","description_kind":"plain"}}},"description_kind":"plain"}},"ibm_security_group":{"version":0,"block":{"attributes":{"description":{"type":"string","description":"Security group description","description_kind":"plain","optional":true},"id":{"type":"string","description_kind":"plain","optional":true,"computed":true},"name":{"type":"string","description":"Security group name","description_kind":"plain","required":true}},"description_kind":"plain"}},"ibm_security_group_rule":{"version":0,"block":{"attributes":{"direction":{"type":"string","description":"Direction of rule: ingress or egress","description_kind":"plain","required":true},"ether_type":{"type":"string","description":"IP version IPv4 or IPv6","description_kind":"plain","optional":true},"id":{"type":"string","description_kind":"plain","optional":true,"computed":true},"port_range_max":{"type":"number","description":"Port number max range","description_kind":"plain","optional":true},"port_range_min":{"type":"number","description":"Port number minimum range","description_kind":"plain","optional":true},"protocol":{"type":"string","description":"icmp, tcp or udp","description_kind":"plain","optional":true},"remote_group_id":{"type":"number","description":"remote group ID","description_kind":"plain","optional":true},"remote_ip":{"type":"string","description":"Remote IP Address","description_kind":"plain","optional":true},"security_group_id":{"type":"number","description":"Security group ID","description_kind":"plain","required":true}},"description_kind":"plain"}},"ibm_service_instance":{"version":0,"block":{"attributes":{"credentials":{"type":["map","string"],"description":"The service broker-provided credentials to use this service.","description_kind":"plain","computed":true,"sensitive":true},"dashboard_url":{"type":"string","description":"Dashboard URL to access resource.","description_kind":"plain","computed":true},"id":{"type":"string","description_kind":"plain","optional":true,"computed":true},"name":{"type":"string","description":"A name for the service instance","description_kind":"plain","required":true},"parameters":{"type":["map","string"],"description":"Arbitrary parameters to pass along to the service broker. Must be a JSON object","description_kind":"plain","optional":true},"plan":{"type":"string","description":"The plan type of the service","description_kind":"plain","required":true},"service":{"type":"string","description":"The name of the service offering like speech_to_text, text_to_speech etc","description_kind":"plain","required":true},"service_keys":{"type":["list",["object",{"credentials":["map","string"],"name":"string"}]],"description":"The service keys asociated with the service instance","description_kind":"plain","computed":true},"service_plan_guid":{"type":"string","description":"The uniquie identifier of the service offering plan type","description_kind":"plain","computed":true},"space_guid":{"type":"string","description":"The guid of the space in which the instance will be created","description_kind":"plain","required":true},"tags":{"type":["set","string"],"description_kind":"plain","optional":true},"wait_time_minutes":{"type":"number","description":"Define timeout to wait for the service instances to succeeded/deleted etc.","description_kind":"plain","optional":true}},"description_kind":"plain"}},"ibm_service_key":{"version":0,"block":{"attributes":{"credentials":{"type":["map","string"],"description":"Credentials asociated with the key","description_kind":"plain","computed":true,"sensitive":true},"id":{"type":"string","description_kind":"plain","optional":true,"computed":true},"name":{"type":"string","description":"The name of the service key","description_kind":"plain","required":true},"parameters":{"type":["map","string"],"description":"Arbitrary parameters to pass along to the service broker. Must be a JSON object","description_kind":"plain","optional":true},"service_instance_guid":{"type":"string","description":"The guid of the service instance for which to create service key","description_kind":"plain","required":true},"tags":{"type":["set","string"],"description_kind":"plain","optional":true}},"description_kind":"plain"}},"ibm_space":{"version":0,"block":{"attributes":{"auditors":{"type":["set","string"],"description":"The IBMID of the users who will have auditor role in this space, ex - user@example.com","description_kind":"plain","optional":true},"developers":{"type":["set","string"],"description":"The IBMID of the users who will have developer role in this space, ex - user@example.com","description_kind":"plain","optional":true},"id":{"type":"string","description_kind":"plain","optional":true,"computed":true},"managers":{"type":["set","string"],"description":"The IBMID of the users who will have manager role in this space, ex - user@example.com","description_kind":"plain","optional":true},"name":{"type":"string","description":"The name for the space","description_kind":"plain","required":true},"org":{"type":"string","description":"The org this space belongs to","description_kind":"plain","required":true},"space_quota":{"type":"string","description":"The name of the Space Quota Definition","description_kind":"plain","optional":true},"tags":{"type":["set","string"],"description_kind":"plain","optional":true}},"description_kind":"plain"}},"ibm_ssl_certificate":{"version":0,"block":{"attributes":{"administrative_address_same_as_organization_flag":{"type":"bool","description":"administrative address same as organization flag","description_kind":"plain","optional":true},"administrative_contact_same_as_technical_flag":{"type":"bool","description":"Administrative contact same as technical flag","description_kind":"plain","optional":true},"billing_address_same_as_organization_flag":{"type":"bool","description":"billing address same as organization flag","description_kind":"plain","optional":true},"billing_contact_same_as_technical_flag":{"type":"bool","description":"billing contact","description_kind":"plain","optional":true},"certificate_signing_request":{"type":"string","description":"certificate signing request info","description_kind":"plain","required":true},"id":{"type":"string","description_kind":"plain","optional":true,"computed":true},"order_approver_email_address":{"type":"string","description":"Email address of the approver","description_kind":"plain","required":true},"renewal_flag":{"type":"bool","description":"Renewal flag","description_kind":"plain","optional":true},"server_count":{"type":"number","description":"Server count","description_kind":"plain","required":true},"server_type":{"type":"string","description":"server type","description_kind":"plain","required":true},"ssl_type":{"type":"string","description":"ssl type","description_kind":"plain","required":true},"technical_contact_same_as_org_address_flag":{"type":"bool","description":"Technical contact same as org address flag","description_kind":"plain","optional":true},"validity_months":{"type":"number","description":"vslidity of the ssl certificate in month","description_kind":"plain","required":true}},"block_types":{"administrative_contact":{"nesting_mode":"set","block":{"attributes":{"admin_email_address":{"type":"string","description_kind":"plain","optional":true},"admin_fax_number":{"type":"string","description_kind":"plain","optional":true},"admin_first_name":{"type":"string","description_kind":"plain","optional":true},"admin_last_name":{"type":"string","description_kind":"plain","optional":true},"admin_organization_name":{"type":"string","description_kind":"plain","optional":true},"admin_phone_number":{"type":"string","description_kind":"plain","optional":true},"admin_title":{"type":"string","description_kind":"plain","optional":true}},"block_types":{"admin_address":{"nesting_mode":"set","block":{"attributes":{"admin_address_line1":{"type":"string","description_kind":"plain","optional":true},"admin_address_line2":{"type":"string","description_kind":"plain","optional":true},"admin_city":{"type":"string","description_kind":"plain","optional":true},"admin_country_code":{"type":"string","description_kind":"plain","optional":true},"admin_postal_code":{"type":"string","description_kind":"plain","optional":true},"admin_state":{"type":"string","description_kind":"plain","optional":true}},"description_kind":"plain"}}},"description_kind":"plain"},"max_items":1},"billing_contact":{"nesting_mode":"set","block":{"attributes":{"billing_email_address":{"type":"string","description_kind":"plain","optional":true},"billing_fax_number":{"type":"string","description_kind":"plain","optional":true},"billing_first_name":{"type":"string","description_kind":"plain","optional":true},"billing_last_name":{"type":"string","description_kind":"plain","optional":true},"billing_organization_name":{"type":"string","description_kind":"plain","optional":true},"billing_phone_number":{"type":"string","description_kind":"plain","optional":true},"billing_title":{"type":"string","description_kind":"plain","optional":true}},"block_types":{"billing_address":{"nesting_mode":"set","block":{"attributes":{"billing_address_line1":{"type":"string","description_kind":"plain","optional":true},"billing_address_line2":{"type":"string","description_kind":"plain","optional":true},"billing_city":{"type":"string","description_kind":"plain","optional":true},"billing_country_code":{"type":"string","description_kind":"plain","optional":true},"billing_postal_code":{"type":"string","description_kind":"plain","optional":true},"billing_state":{"type":"string","description_kind":"plain","optional":true}},"description_kind":"plain"}}},"description_kind":"plain"},"max_items":1},"organization_information":{"nesting_mode":"set","block":{"attributes":{"org_fax_number":{"type":"string","description_kind":"plain","optional":true},"org_organization_name":{"type":"string","description":"Organization name","description_kind":"plain","required":true},"org_phone_number":{"type":"string","description":"Organization phone number","description_kind":"plain","required":true}},"block_types":{"org_address":{"nesting_mode":"set","block":{"attributes":{"org_address_line1":{"type":"string","description_kind":"plain","required":true},"org_address_line2":{"type":"string","description_kind":"plain","optional":true},"org_city":{"type":"string","description_kind":"plain","required":true},"org_country_code":{"type":"string","description_kind":"plain","required":true},"org_postal_code":{"type":"string","description_kind":"plain","required":true},"org_state":{"type":"string","description_kind":"plain","required":true}},"description":"Organization address","description_kind":"plain"},"min_items":1}},"description":"Organization information","description_kind":"plain"},"min_items":1,"max_items":1},"technical_contact":{"nesting_mode":"set","block":{"attributes":{"tech_email_address":{"type":"string","description_kind":"plain","required":true},"tech_fax_number":{"type":"string","description_kind":"plain","optional":true},"tech_first_name":{"type":"string","description_kind":"plain","required":true},"tech_last_name":{"type":"string","description_kind":"plain","required":true},"tech_organization_name":{"type":"string","description_kind":"plain","required":true},"tech_phone_number":{"type":"string","description_kind":"plain","required":true},"tech_title":{"type":"string","description_kind":"plain","required":true}},"block_types":{"tech_address":{"nesting_mode":"set","block":{"attributes":{"tech_address_line1":{"type":"string","description_kind":"plain","optional":true},"tech_address_line2":{"type":"string","description_kind":"plain","optional":true},"tech_city":{"type":"string","description_kind":"plain","optional":true},"tech_country_code":{"type":"string","description_kind":"plain","optional":true},"tech_postal_code":{"type":"string","description_kind":"plain","optional":true},"tech_state":{"type":"string","description_kind":"plain","optional":true}},"description_kind":"plain"}}},"description":"Technical contact info","description_kind":"plain"},"min_items":1,"max_items":1}},"description_kind":"plain"}},"ibm_storage_block":{"version":0,"block":{"attributes":{"allowed_hardware_ids":{"type":["set","number"],"description":"List of allowe hardware IDs","description_kind":"plain","optional":true,"computed":true},"allowed_hardware_info":{"type":["set",["object",{"host_iqn":"string","id":"number","password":"string","username":"string"}]],"description_kind":"plain","deprecated":true,"computed":true},"allowed_host_info":{"type":["list",["object",{"host_iqn":"string","id":"number","password":"string","username":"string"}]],"description_kind":"plain","computed":true},"allowed_ip_addresses":{"type":["set","string"],"description":"Allowed IP addresses","description_kind":"plain","optional":true},"allowed_virtual_guest_ids":{"type":["set","number"],"description":"List of allowed virtual guest IDs","description_kind":"plain","optional":true,"computed":true},"allowed_virtual_guest_info":{"type":["set",["object",{"host_iqn":"string","id":"number","password":"string","username":"string"}]],"description_kind":"plain","deprecated":true,"computed":true},"capacity":{"type":"number","description":"Storage block size","description_kind":"plain","required":true},"datacenter":{"type":"string","description":"Datacenter name","description_kind":"plain","required":true},"hostname":{"type":"string","description":"Hostname","description_kind":"plain","computed":true},"hourly_billing":{"type":"bool","description":"Billing done hourly, if set to true","description_kind":"plain","optional":true},"id":{"type":"string","description_kind":"plain","optional":true,"computed":true},"iops":{"type":"number","description":"IOPS value required","description_kind":"plain","required":true},"lunid":{"type":"string","description":"LUN Id","description_kind":"plain","computed":true},"notes":{"type":"string","description":"Additional note info","description_kind":"plain","optional":true},"os_format_type":{"type":"string","description":"OS formatr type","description_kind":"plain","required":true},"resource_controller_url":{"type":"string","description":"The URL of the IBM Cloud dashboard that can be used to explore and view details about this instance","description_kind":"plain","computed":true},"resource_name":{"type":"string","description":"The name of the resource","description_kind":"plain","computed":true},"snapshot_capacity":{"type":"number","description":"Snapshot capacity in GB","description_kind":"plain","optional":true},"tags":{"type":["set","string"],"description":"List of tags associated with the resource","description_kind":"plain","optional":true},"target_address":{"type":["list","string"],"description":"List of target Addresses","description_kind":"plain","computed":true},"type":{"type":"string","description":"Storage block type","description_kind":"plain","required":true},"volumename":{"type":"string","description":"Volume name","description_kind":"plain","computed":true}},"block_types":{"timeouts":{"nesting_mode":"single","block":{"attributes":{"create":{"type":"string","description_kind":"plain","optional":true},"delete":{"type":"string","description_kind":"plain","optional":true},"update":{"type":"string","description_kind":"plain","optional":true}},"description_kind":"plain"}}},"description_kind":"plain"}},"ibm_storage_evault":{"version":0,"block":{"attributes":{"capacity":{"type":"number","description":"Capacity","description_kind":"plain","required":true},"datacenter":{"type":"string","description":"Datacenter name","description_kind":"plain","required":true},"hardware_instance_id":{"type":"number","description":"Hardware instance ID","description_kind":"plain","optional":true},"id":{"type":"string","description_kind":"plain","optional":true,"computed":true},"password":{"type":"string","description":"password","description_kind":"plain","computed":true,"sensitive":true},"service_resource_name":{"type":"string","description":"service resource name","description_kind":"plain","computed":true},"tags":{"type":["set","string"],"description":"Tags set for the resource","description_kind":"plain","optional":true},"username":{"type":"string","description":"user name","description_kind":"plain","computed":true},"virtual_instance_id":{"type":"number","description":"Virtual instance ID","description_kind":"plain","optional":true}},"block_types":{"timeouts":{"nesting_mode":"single","block":{"attributes":{"create":{"type":"string","description_kind":"plain","optional":true},"update":{"type":"string","description_kind":"plain","optional":true}},"description_kind":"plain"}}},"description_kind":"plain"}},"ibm_storage_file":{"version":0,"block":{"attributes":{"allowed_hardware_ids":{"type":["set","number"],"description":"Hardaware ID","description_kind":"plain","optional":true,"computed":true},"allowed_ip_addresses":{"type":["set","string"],"description":"Allowed range of IP addresses","description_kind":"plain","optional":true},"allowed_subnets":{"type":["set","string"],"description":"Allowed network subnets","description_kind":"plain","optional":true},"allowed_virtual_guest_ids":{"type":["set","number"],"description":"Virtual guest ID","description_kind":"plain","optional":true,"computed":true},"capacity":{"type":"number","description":"Storage capacity","description_kind":"plain","required":true},"datacenter":{"type":"string","description":"Datacenter name","description_kind":"plain","required":true},"hostname":{"type":"string","description":"Hostname","description_kind":"plain","computed":true},"hourly_billing":{"type":"bool","description":"Hourly based billing type","description_kind":"plain","optional":true},"id":{"type":"string","description_kind":"plain","optional":true,"computed":true},"iops":{"type":"number","description":"iops rate","description_kind":"plain","required":true},"mountpoint":{"type":"string","description":"Storage mount point","description_kind":"plain","computed":true},"notes":{"type":"string","description":"Notes","description_kind":"plain","optional":true},"resource_controller_url":{"type":"string","description":"The URL of the IBM Cloud dashboard that can be used to explore and view details about this instance","description_kind":"plain","computed":true},"resource_name":{"type":"string","description":"The name of the resource","description_kind":"plain","computed":true},"resource_status":{"type":"string","description":"The status of the resource","description_kind":"plain","computed":true},"snapshot_capacity":{"type":"number","description":"Snapshot capacity","description_kind":"plain","optional":true},"tags":{"type":["set","string"],"description":"Tags set for the storage volume","description_kind":"plain","optional":true},"type":{"type":"string","description":"Storage type","description_kind":"plain","required":true},"volumename":{"type":"string","description":"Storage volume name","description_kind":"plain","computed":true}},"block_types":{"snapshot_schedule":{"nesting_mode":"set","block":{"attributes":{"day_of_week":{"type":"string","description":"Day of the week","description_kind":"plain","optional":true},"enable":{"type":"bool","description_kind":"plain","optional":true},"hour":{"type":"number","description":"Time duration in hour","description_kind":"plain","optional":true},"minute":{"type":"number","description":"Time duration in minutes","description_kind":"plain","optional":true},"retention_count":{"type":"number","description":"Retention count","description_kind":"plain","required":true},"schedule_type":{"type":"string","description":"schedule type","description_kind":"plain","required":true}},"description_kind":"plain"},"max_items":3},"timeouts":{"nesting_mode":"single","block":{"attributes":{"create":{"type":"string","description_kind":"plain","optional":true},"delete":{"type":"string","description_kind":"plain","optional":true},"update":{"type":"string","description_kind":"plain","optional":true}},"description_kind":"plain"}}},"description_kind":"plain"}},"ibm_subnet":{"version":0,"block":{"attributes":{"capacity":{"type":"number","description":"number of ip addresses in the subnet","description_kind":"plain","required":true},"endpoint_ip":{"type":"string","description":"endpoint IP","description_kind":"plain","optional":true},"id":{"type":"string","description_kind":"plain","optional":true,"computed":true},"ip_version":{"type":"number","description":"ip version","description_kind":"plain","optional":true},"notes":{"type":"string","description":"Notes","description_kind":"plain","optional":true},"private":{"type":"bool","description":"private subnet","description_kind":"plain","optional":true},"subnet_cidr":{"type":"string","description":"CIDR notation for the subnet","description_kind":"plain","computed":true},"tags":{"type":["set","string"],"description":"tags set for the resource","description_kind":"plain","optional":true},"type":{"type":"string","description":"subnet type","description_kind":"plain","required":true},"vlan_id":{"type":"number","description":"VLAN ID for the subnet","description_kind":"plain","optional":true,"computed":true}},"block_types":{"timeouts":{"nesting_mode":"single","block":{"attributes":{"create":{"type":"string","description_kind":"plain","optional":true}},"description_kind":"plain"}}},"description_kind":"plain"}},"ibm_tg_connection":{"version":0,"block":{"attributes":{"connection_id":{"type":"string","description":"The Transit Gateway Connection identifier","description_kind":"plain","computed":true},"created_at":{"type":"string","description":"The date and time that this connection was created","description_kind":"plain","computed":true},"gateway":{"type":"string","description":"The Transit Gateway identifier","description_kind":"plain","required":true},"id":{"type":"string","description_kind":"plain","optional":true,"computed":true},"name":{"type":"string","description":"The user-defined name for this transit gateway. If unspecified, the name will be the network name (the name of the VPC in the case of network type 'vpc', and the word Classic, in the case of network type 'classic').","description_kind":"plain","optional":true},"network_account_id":{"type":"string","description":"The ID of the account which owns the network that is being connected. Generally only used if the network is in a different account than the gateway.","description_kind":"plain","optional":true,"computed":true},"network_id":{"type":"string","description":"The ID of the network being connected via this connection. This field is required for some types, such as 'vpc'. For network type 'vpc' this is the CRN of the VPC to be connected. This field is required to be unspecified for network type 'classic'.","description_kind":"plain","optional":true,"computed":true},"network_type":{"type":"string","description":"Defines what type of network is connected via this connection.Allowable values (classic,vpc)","description_kind":"plain","required":true},"related_crn":{"type":"string","description":"The crn of the transit gateway","description_kind":"plain","computed":true},"request_status":{"type":"string","description":"Only visible for cross account connections, this field represents the status of the request to connect the given network between accounts.Possible values: [pending,approved,rejected,expired,detached]","description_kind":"plain","computed":true},"status":{"type":"string","description":"What is the current configuration state of this connection. Possible values: [attached,failed,pending,deleting,detaching,detached]","description_kind":"plain","computed":true},"updated_at":{"type":"string","description":"The date and time that this connection was last updated","description_kind":"plain","computed":true}},"block_types":{"timeouts":{"nesting_mode":"single","block":{"attributes":{"create":{"type":"string","description_kind":"plain","optional":true},"delete":{"type":"string","description_kind":"plain","optional":true},"update":{"type":"string","description_kind":"plain","optional":true}},"description_kind":"plain"}}},"description_kind":"plain"}},"ibm_tg_gateway":{"version":0,"block":{"attributes":{"created_at":{"type":"string","description":"The creation time of the resource","description_kind":"plain","computed":true},"crn":{"type":"string","description":"The crn of the resource","description_kind":"plain","computed":true},"global":{"type":"bool","description":"Allow global routing for a Transit Gateway. If unspecified, the default value is false","description_kind":"plain","optional":true},"id":{"type":"string","description_kind":"plain","optional":true,"computed":true},"location":{"type":"string","description":"Location of Transit Gateway Services","description_kind":"plain","required":true},"name":{"type":"string","description":"Name Transit Gateway Services","description_kind":"plain","required":true},"resource_controller_url":{"type":"string","description":"The URL of the IBM Cloud dashboard that can be used to explore and view details about this instance","description_kind":"plain","computed":true},"resource_crn":{"type":"string","description":"The crn of the resource","description_kind":"plain","computed":true},"resource_group":{"type":"string","description_kind":"plain","optional":true,"computed":true},"resource_group_name":{"type":"string","description":"The resource group name in which resource is provisioned","description_kind":"plain","computed":true},"resource_name":{"type":"string","description":"The name of the resource","description_kind":"plain","computed":true},"resource_status":{"type":"string","description":"The status of the resource","description_kind":"plain","computed":true},"status":{"type":"string","description":"The Status of the resource","description_kind":"plain","computed":true},"tags":{"type":["set","string"],"description":"Tags for the transit gateway instance","description_kind":"plain","optional":true,"computed":true},"updated_at":{"type":"string","description":"The updation time of the resource","description_kind":"plain","computed":true}},"block_types":{"timeouts":{"nesting_mode":"single","block":{"attributes":{"create":{"type":"string","description_kind":"plain","optional":true},"delete":{"type":"string","description_kind":"plain","optional":true},"update":{"type":"string","description_kind":"plain","optional":true}},"description_kind":"plain"}}},"description_kind":"plain"}}},"data_source_schemas":{"ibm_account":{"version":0,"block":{"attributes":{"account_users":{"type":["list",["object",{"email":"string","id":"string","role":"string","state":"string"}]],"description_kind":"plain","computed":true},"id":{"type":"string","description_kind":"plain","optional":true,"computed":true},"org_guid":{"type":"string","description":"The guid of the org","description_kind":"plain","required":true}},"description_kind":"plain"}},"ibm_api_gateway":{"version":0,"block":{"attributes":{"endpoints":{"type":["list",["object",{"alias_url":"string","base_path":"string","endpoint_id":"string","managed":"bool","managed_url":"string","name":"string","open_api_doc":"string","routes":["list","string"],"shared":"bool","subscriptions":["list",["object",{"client_id":"string","name":"string","secret_provided":"bool","type":"string"}]]}]],"description":"List of all endpoints of an instance","description_kind":"plain","computed":true},"id":{"type":"string","description_kind":"plain","optional":true,"computed":true},"service_instance_crn":{"type":"string","description":"Api Gateway Service Instance Crn","description_kind":"plain","required":true}},"description_kind":"plain"}},"ibm_app":{"version":0,"block":{"attributes":{"buildpack":{"type":"string","description":"Buildpack to build the app. 3 options: a) Blank means autodetection; b) A Git Url pointing to a buildpack; c) Name of an installed buildpack.","description_kind":"plain","computed":true},"disk_quota":{"type":"number","description":"The maximum amount of disk available to an instance of an app. In megabytes.","description_kind":"plain","computed":true},"environment_json":{"type":["map","string"],"description":"Key/value pairs of all the environment variables to run in your app. Does not include any system or service variables.","description_kind":"plain","computed":true},"health_check_http_endpoint":{"type":"string","description":"Endpoint called to determine if the app is healthy.","description_kind":"plain","computed":true},"health_check_timeout":{"type":"number","description":"Timeout in seconds for health checking of an staged app when starting up.","description_kind":"plain","computed":true},"health_check_type":{"type":"string","description":"Type of health check to perform.","description_kind":"plain","computed":true},"id":{"type":"string","description_kind":"plain","optional":true,"computed":true},"instances":{"type":"number","description":"The number of instances","description_kind":"plain","computed":true},"memory":{"type":"number","description":"The amount of memory each instance should have. In megabytes.","description_kind":"plain","computed":true},"name":{"type":"string","description":"The name for the app","description_kind":"plain","required":true},"package_state":{"type":"string","description":"The state of the application package whether staged, pending etc","description_kind":"plain","computed":true},"route_guid":{"type":["set","string"],"description":"Define the route guids which should be bound to the application.","description_kind":"plain","computed":true},"service_instance_guid":{"type":["set","string"],"description":"Define the service instance guids that should be bound to this application.","description_kind":"plain","computed":true},"space_guid":{"type":"string","description":"Define space guid to which app belongs","description_kind":"plain","required":true},"state":{"type":"string","description":"The state of the application","description_kind":"plain","computed":true}},"description_kind":"plain"}},"ibm_app_config_environment":{"version":0,"block":{"attributes":{"color_code":{"type":"string","description":"Color code to distinguish the environment. The Hex code for the color. For example `#FF0000` for `red`.","description_kind":"plain","computed":true},"created_time":{"type":"string","description":"Creation time of the environment.","description_kind":"plain","computed":true},"description":{"type":"string","description":"Environment description.","description_kind":"plain","computed":true},"environment_id":{"type":"string","description":"Environment Id.","description_kind":"plain","required":true},"expand":{"type":"bool","description":"If set to `true`, returns expanded view of the resource details.","description_kind":"plain","optional":true},"guid":{"type":"string","description":"GUID of the App Configuration service. Get it from the service instance credentials section of the dashboard.","description_kind":"plain","required":true},"href":{"type":"string","description":"Environment URL.","description_kind":"plain","computed":true},"id":{"type":"string","description_kind":"plain","optional":true,"computed":true},"name":{"type":"string","description":"Environment name.","description_kind":"plain","computed":true},"tags":{"type":"string","description":"Tags associated with the environment.","description_kind":"plain","computed":true},"updated_time":{"type":"string","description":"Last modified time of the environment data.","description_kind":"plain","computed":true}},"description_kind":"plain"}},"ibm_app_config_environments":{"version":0,"block":{"attributes":{"environments":{"type":["list",["object",{"color_code":"string","created_time":"string","description":"string","environment_id":"string","href":"string","name":"string","tags":"string","updated_time":"string"}]],"description":"Array of environments.","description_kind":"plain","computed":true},"expand":{"type":"bool","description":"If set to `true`, returns expanded view of the resource details.","description_kind":"plain","optional":true},"first":{"type":["list",["object",{"href":"string"}]],"description":"URL to navigate to the first page of records.","description_kind":"plain","computed":true},"guid":{"type":"string","description":"GUID of the App Configuration service. Get it from the service instance credentials section of the dashboard.","description_kind":"plain","required":true},"id":{"type":"string","description_kind":"plain","optional":true,"computed":true},"last":{"type":["list",["object",{"href":"string"}]],"description":"URL to navigate to the last page of records.","description_kind":"plain","computed":true},"limit":{"type":"number","description":"The number of records to retrieve. By default, the list operation return the first 10 records. To retrieve different set of records, use `limit` with `offset` to page through the available records.","description_kind":"plain","optional":true},"next":{"type":["list",["object",{"href":"string"}]],"description":"URL to navigate to the next list of records.","description_kind":"plain","computed":true},"offset":{"type":"number","description":"The number of records to skip. By specifying `offset`, you retrieve a subset of items that starts with the `offset` value. Use `offset` with `limit` to page through the available records.","description_kind":"plain","optional":true},"previous":{"type":["list",["object",{"href":"string"}]],"description":"URL to navigate to the previous list of records.","description_kind":"plain","computed":true},"tags":{"type":"string","description":"filter the resources to be returned based on the associated tags. Returns resources associated with any of the specified tags.","description_kind":"plain","optional":true},"total_count":{"type":"number","description":"Total number of records.","description_kind":"plain","computed":true}},"description_kind":"plain"}},"ibm_app_config_feature":{"version":0,"block":{"attributes":{"collections":{"type":["list",["object",{"collection_id":"string","name":"string"}]],"description":"List of collection id representing the collections that are associated with the specified feature flag.","description_kind":"plain","computed":true},"created_time":{"type":"string","description":"Creation time of the feature flag.","description_kind":"plain","computed":true},"description":{"type":"string","description":"Feature description.","description_kind":"plain","computed":true},"disabled_value":{"type":"string","description":"Value of the feature when it is disabled. The value can be Boolean, String or a Numeric value as per the `type` attribute.","description_kind":"plain","computed":true},"enabled":{"type":"bool","description":"The state of the feature flag.","description_kind":"plain","computed":true},"enabled_value":{"type":"string","description":"Value of the feature when it is enabled. The value can be Boolean, String or a Numeric value as per the `type` attribute.","description_kind":"plain","computed":true},"environment_id":{"type":"string","description":"Environment Id.","description_kind":"plain","required":true},"feature_id":{"type":"string","description":"Feature Id.","description_kind":"plain","required":true},"guid":{"type":"string","description":"GUID of the App Configuration service. Get it from the service instance credentials section of the dashboard.","description_kind":"plain","required":true},"href":{"type":"string","description":"Feature flag URL.","description_kind":"plain","computed":true},"id":{"type":"string","description_kind":"plain","optional":true,"computed":true},"includes":{"type":"string","description":"Include the associated collections in the response.","description_kind":"plain","optional":true},"name":{"type":"string","description":"Feature name.","description_kind":"plain","computed":true},"segment_exists":{"type":"bool","description":"Denotes if the targeting rules are specified for the feature flag.","description_kind":"plain","computed":true},"segment_rules":{"type":["list",["object",{"order":"number","rules":["list",["object",{"segments":["list","string"]}]],"value":"string"}]],"description":"Specify the targeting rules that is used to set different feature flag values for different segments.","description_kind":"plain","computed":true},"tags":{"type":"string","description":"Tags associated with the feature.","description_kind":"plain","computed":true},"type":{"type":"string","description":"Type of the feature (BOOLEAN, STRING, NUMERIC).","description_kind":"plain","computed":true},"updated_time":{"type":"string","description":"Last modified time of the feature flag data.","description_kind":"plain","computed":true}},"description_kind":"plain"}},"ibm_app_config_features":{"version":0,"block":{"attributes":{"collections":{"type":["list","string"],"description":"Filter features by a list of comma separated collections.","description_kind":"plain","optional":true},"environment_id":{"type":"string","description":"Environment Id.","description_kind":"plain","required":true},"expand":{"type":"bool","description":"If set to `true`, returns expanded view of the resource details.","description_kind":"plain","optional":true},"features":{"type":["list",["object",{"collections":["list",["object",{"collection_id":"string","name":"string"}]],"created_time":"string","description":"string","disabled_value":"string","enabled":"bool","enabled_value":"string","feature_id":"string","href":"string","name":"string","segment_exists":"bool","segment_rules":["list",["object",{"order":"number","rules":["list",["object",{"segments":["list","string"]}]],"value":"string"}]],"tags":"string","type":"string","updated_time":"string"}]],"description":"Array of Features.","description_kind":"plain","computed":true},"first":{"type":["list",["object",{"href":"string"}]],"description":"URL to navigate to the first page of records.","description_kind":"plain","computed":true},"guid":{"type":"string","description":"GUID of the App Configuration service. Get it from the service instance credentials section of the dashboard.","description_kind":"plain","required":true},"id":{"type":"string","description_kind":"plain","optional":true,"computed":true},"includes":{"type":["list","string"],"description":"Include the associated collections or targeting rules details in the response.","description_kind":"plain","optional":true},"last":{"type":["list",["object",{"href":"string"}]],"description":"URL to navigate to the last page of records.","description_kind":"plain","computed":true},"limit":{"type":"number","description":"The number of records to retrieve. By default, the list operation return the first 10 records. To retrieve different set of records, use `limit` with `offset` to page through the available records.","description_kind":"plain","optional":true},"next":{"type":["list",["object",{"href":"string"}]],"description":"URL to navigate to the next list of records.","description_kind":"plain","computed":true},"offset":{"type":"number","description":"The number of records to skip. By specifying `offset`, you retrieve a subset of items that starts with the `offset` value. Use `offset` with `limit` to page through the available records.","description_kind":"plain","optional":true},"previous":{"type":["list",["object",{"href":"string"}]],"description":"URL to navigate to the previous list of records.","description_kind":"plain","computed":true},"segments":{"type":["list","string"],"description":"Filter features by a list of comma separated segments.","description_kind":"plain","optional":true},"sort":{"type":"string","description":"Sort the feature details based on the specified attribute.","description_kind":"plain","optional":true},"tags":{"type":"string","description":"Filter the resources to be returned based on the associated tags. Specify the parameter as a list of comma separated tags. Returns resources associated with any of the specified tags.","description_kind":"plain","optional":true},"total_count":{"type":"number","description":"Number of records returned in the current response.","description_kind":"plain","computed":true}},"description_kind":"plain"}},"ibm_app_domain_private":{"version":0,"block":{"attributes":{"id":{"type":"string","description_kind":"plain","optional":true,"computed":true},"name":{"type":"string","description":"The name of the private domain","description_kind":"plain","required":true}},"description_kind":"plain"}},"ibm_app_domain_shared":{"version":0,"block":{"attributes":{"id":{"type":"string","description_kind":"plain","optional":true,"computed":true},"name":{"type":"string","description":"The name of the shared domain","description_kind":"plain","required":true}},"description_kind":"plain"}},"ibm_app_route":{"version":0,"block":{"attributes":{"domain_guid":{"type":"string","description":"The guid of the domain","description_kind":"plain","required":true},"host":{"type":"string","description":"The host of the route","description_kind":"plain","optional":true},"id":{"type":"string","description_kind":"plain","optional":true,"computed":true},"path":{"type":"string","description":"The path of the route","description_kind":"plain","optional":true},"port":{"type":"string","description":"The port of the route","description_kind":"plain","optional":true},"space_guid":{"type":"string","description":"The guid of the space","description_kind":"plain","required":true}},"description_kind":"plain"}},"ibm_certificate_manager_certificate":{"version":0,"block":{"attributes":{"certificate_details":{"type":["list",["object",{"algorithm":"string","begins_on":"number","cert_id":"string","data":["map","string"],"description":"string","domains":["list","string"],"expires_on":"number","has_previous":"bool","imported":"bool","issuance_info":["map","string"],"issuer":"string","key_algorithm":"string","name":"string","status":"string"}]],"description":"List of certificate","description_kind":"plain","computed":true},"certificate_manager_instance_id":{"type":"string","description_kind":"plain","required":true},"id":{"type":"string","description_kind":"plain","optional":true,"computed":true},"name":{"type":"string","description_kind":"plain","required":true}},"description_kind":"plain"}},"ibm_certificate_manager_certificates":{"version":0,"block":{"attributes":{"certificate_manager_instance_id":{"type":"string","description":"Certificate Manager Instance ID","description_kind":"plain","required":true},"certificates":{"type":["list",["object",{"algorithm":"string","begins_on":"number","cert_id":"string","domains":["list","string"],"expires_on":"number","has_previous":"bool","imported":"bool","issuance_info":["map","string"],"issuer":"string","key_algorithm":"string","name":"string","serial_number":"string","status":"string"}]],"description":"List of certificates","description_kind":"plain","computed":true},"id":{"type":"string","description_kind":"plain","optional":true,"computed":true}},"description_kind":"plain"}},"ibm_cis":{"version":0,"block":{"attributes":{"guid":{"type":"string","description":"Unique identifier of resource instance","description_kind":"plain","computed":true},"id":{"type":"string","description_kind":"plain","optional":true,"computed":true},"location":{"type":"string","description":"The location or the environment in which cis instance exists","description_kind":"plain","computed":true},"name":{"type":"string","description":"Resource instance name for example, my cis instance","description_kind":"plain","required":true},"plan":{"type":"string","description":"The plan type of the cis instance","description_kind":"plain","computed":true},"resource_controller_url":{"type":"string","description":"The URL of the IBM Cloud dashboard that can be used to explore and view details about the resource","description_kind":"plain","computed":true},"resource_crn":{"type":"string","description":"The crn of the resource","description_kind":"plain","computed":true},"resource_group_id":{"type":"string","description":"The id of the resource group in which the cis instance is present","description_kind":"plain","optional":true},"resource_group_name":{"type":"string","description":"The resource group name in which resource is provisioned","description_kind":"plain","computed":true},"resource_name":{"type":"string","description":"The name of the resource","description_kind":"plain","computed":true},"resource_status":{"type":"string","description":"The status of the resource","description_kind":"plain","computed":true},"service":{"type":"string","description":"The name of the Cloud Internet Services offering, 'internet-svcs'","description_kind":"plain","computed":true},"status":{"type":"string","description":"The resource instance status","description_kind":"plain","computed":true}},"description_kind":"plain"}},"ibm_cis_cache_settings":{"version":0,"block":{"attributes":{"browser_expiration":{"type":["list",["object",{"editable":"bool","id":"string","modified_on":"string","value":"number"}]],"description":"Browser Expiration setting","description_kind":"plain","computed":true},"caching_level":{"type":["list",["object",{"editable":"bool","id":"string","modified_on":"string","value":"string"}]],"description":"Cache Level Setting","description_kind":"plain","computed":true},"cis_id":{"type":"string","description":"CIS instance crn","description_kind":"plain","required":true},"development_mode":{"type":["list",["object",{"editable":"bool","id":"string","modified_on":"string","value":"string"}]],"description":"Development mode setting","description_kind":"plain","computed":true},"domain_id":{"type":"string","description":"Associated CIS domain","description_kind":"plain","required":true},"id":{"type":"string","description_kind":"plain","optional":true,"computed":true},"query_string_sort":{"type":["list",["object",{"editable":"bool","id":"string","modified_on":"string","value":"string"}]],"description":"Query String sort setting","description_kind":"plain","computed":true},"serve_stale_content":{"type":["list",["object",{"editable":"bool","id":"string","modified_on":"string","value":"string"}]],"description":"Serve Stale Content ","description_kind":"plain","computed":true}},"description_kind":"plain"}},"ibm_cis_certificates":{"version":0,"block":{"attributes":{"certificates":{"type":["list",["object",{"certificate_id":"string","certificates":["list",["object",{"hosts":["list","string"],"id":"string","status":"string"}]],"hosts":["list","string"],"id":"string","primary_certificate":"string","status":"string","type":"string"}]],"description":"Collection of certificates","description_kind":"plain","computed":true},"cis_id":{"type":"string","description":"CIS object id","description_kind":"plain","required":true},"domain_id":{"type":"string","description":"Associated CIS domain","description_kind":"plain","required":true},"id":{"type":"string","description_kind":"plain","optional":true,"computed":true}},"description_kind":"plain"}},"ibm_cis_custom_certificates":{"version":0,"block":{"attributes":{"cis_id":{"type":"string","description_kind":"plain","required":true},"custom_certificates":{"type":["list",["object",{"bundle_method":"string","custom_cert_id":"string","expires_on":"string","hosts":["list","string"],"id":"string","issuer":"string","modified_on":"string","priority":"number","signature":"string","status":"string","uploaded_on":"string"}]],"description_kind":"plain","computed":true},"domain_id":{"type":"string","description_kind":"plain","required":true},"id":{"type":"string","description_kind":"plain","optional":true,"computed":true}},"description_kind":"plain"}},"ibm_cis_custom_pages":{"version":0,"block":{"attributes":{"cis_custom_pages":{"type":["list",["object",{"created_on":"string","description":"string","modified_on":"string","page_id":"string","preview_target":"string","required_tokens":["list","string"],"state":"string","url":"string"}]],"description_kind":"plain","computed":true},"cis_id":{"type":"string","description_kind":"plain","required":true},"domain_id":{"type":"string","description_kind":"plain","required":true},"id":{"type":"string","description_kind":"plain","optional":true,"computed":true}},"block_types":{"timeouts":{"nesting_mode":"single","block":{"attributes":{"read":{"type":"string","description_kind":"plain","optional":true}},"description_kind":"plain"}}},"description_kind":"plain"}},"ibm_cis_dns_records":{"version":0,"block":{"attributes":{"cis_dns_records":{"type":["list",["object",{"content":"string","created_on":"string","data":["map","string"],"id":"string","modified_on":"string","name":"string","priority":"number","proxiable":"bool","proxied":"bool","record_id":"string","ttl":"number","type":"string","zone_name":"string"}]],"description":"Collection of dns resource records","description_kind":"plain","computed":true},"cis_id":{"type":"string","description":"DNS Zone CRN","description_kind":"plain","required":true},"domain_id":{"type":"string","description":"Zone Id","description_kind":"plain","required":true},"file":{"type":"string","description":"file to be exported","description_kind":"plain","optional":true},"id":{"type":"string","description_kind":"plain","optional":true,"computed":true}},"block_types":{"timeouts":{"nesting_mode":"single","block":{"attributes":{"read":{"type":"string","description_kind":"plain","optional":true}},"description_kind":"plain"}}},"description_kind":"plain"}},"ibm_cis_domain":{"version":0,"block":{"attributes":{"cis_id":{"type":"string","description":"CIS object id","description_kind":"plain","required":true},"domain":{"type":"string","description":"CISzone - Domain","description_kind":"plain","required":true},"domain_id":{"type":"string","description_kind":"plain","computed":true},"id":{"type":"string","description_kind":"plain","optional":true,"computed":true},"name_servers":{"type":["list","string"],"description_kind":"plain","computed":true},"original_name_servers":{"type":["list","string"],"description_kind":"plain","computed":true},"paused":{"type":"bool","description_kind":"plain","computed":true},"status":{"type":"string","description_kind":"plain","computed":true}},"description_kind":"plain"}},"ibm_cis_edge_functions_actions":{"version":0,"block":{"attributes":{"cis_edge_functions_actions":{"type":["list",["object",{"created_on":"string","etag":"string","handlers":["set","string"],"modified_on":"string","routes":["list",["object",{"action_name":"string","pattern_url":"string","request_limit_fail_open":"bool","trigger_id":"string"}]]}]],"description":"List of edge functions actions","description_kind":"plain","computed":true},"cis_id":{"type":"string","description":"CIS Intance CRN","description_kind":"plain","required":true},"domain_id":{"type":"string","description":"CIS Domain ID","description_kind":"plain","required":true},"id":{"type":"string","description_kind":"plain","optional":true,"computed":true}},"description_kind":"plain"}},"ibm_cis_edge_functions_triggers":{"version":0,"block":{"attributes":{"cis_edge_functions_triggers":{"type":["list",["object",{"action_name":"string","id":"string","pattern_url":"string","request_limit_fail_open":"bool","trigger_id":"string"}]],"description":"List of edge functions triggers","description_kind":"plain","computed":true},"cis_id":{"type":"string","description":"CIS Intance CRN","description_kind":"plain","required":true},"domain_id":{"type":"string","description":"CIS Domain ID","description_kind":"plain","required":true},"id":{"type":"string","description_kind":"plain","optional":true,"computed":true}},"description_kind":"plain"}},"ibm_cis_firewall":{"version":0,"block":{"attributes":{"access_rule":{"type":["list",["object",{"access_rule_id":"string","configuration":["list",["object",{"target":"string","value":"string"}]],"mode":"string","notes":"string"}]],"description":"Access Rule Data","description_kind":"plain","computed":true},"cis_id":{"type":"string","description":"CIS object id","description_kind":"plain","required":true},"domain_id":{"type":"string","description":"Associated CIS domain","description_kind":"plain","required":true},"firewall_type":{"type":"string","description":"Type of firewall.Allowable values are access-rules,ua-rules,lockdowns","description_kind":"plain","required":true},"id":{"type":"string","description_kind":"plain","optional":true,"computed":true},"lockdown":{"type":["list",["object",{"configurations":["list",["object",{"target":"string","value":"string"}]],"description":"string","lockdown_id":"string","paused":"bool","priority":"number","urls":["list","string"]}]],"description":"Lockdown Data","description_kind":"plain","computed":true},"ua_rule":{"type":["list",["object",{"configuration":["list",["object",{"target":"string","value":"string"}]],"description":"string","mode":"string","paused":"bool","ua_rule_id":"string"}]],"description":"User Agent Rule Data","description_kind":"plain","computed":true}},"description_kind":"plain"}},"ibm_cis_global_load_balancers":{"version":0,"block":{"attributes":{"cis_glb":{"type":["list",["object",{"created_on":"string","default_pool_ids":["list","string"],"description":"string","enabled":"bool","fallback_pool_id":"string","glb_id":"string","id":"string","modified_on":"string","name":"string","pop_pools":["list",["object",{"pool_ids":["list","string"],"pop":"string"}]],"proxied":"bool","region_pools":["list",["object",{"pool_ids":["list","string"],"region":"string"}]],"session_affinity":"string","ttl":"number"}]],"description":"Collection of GLB detail","description_kind":"plain","computed":true},"cis_id":{"type":"string","description":"CIS instance crn","description_kind":"plain","required":true},"domain_id":{"type":"string","description":"Associated CIS domain","description_kind":"plain","required":true},"id":{"type":"string","description_kind":"plain","optional":true,"computed":true}},"block_types":{"timeouts":{"nesting_mode":"single","block":{"attributes":{"read":{"type":"string","description_kind":"plain","optional":true}},"description_kind":"plain"}}},"description_kind":"plain"}},"ibm_cis_healthchecks":{"version":0,"block":{"attributes":{"cis_healthchecks":{"type":["list",["object",{"allow_insecure":"bool","cis_id":"string","create_on":"string","description":"string","expected_body":"string","expected_codes":"string","follow_redirects":"bool","headers":["list",["object",{"header":"string","values":["list","string"]}]],"id":"string","interval":"number","method":"string","modified_on":"string","monitor_id":"string","path":"string","port":"number","retries":"number","timeout":"number","type":"string"}]],"description":"Collection of GLB Health check/monitor detail","description_kind":"plain","computed":true},"cis_id":{"type":"string","description":"DNS Zone CRN","description_kind":"plain","required":true},"id":{"type":"string","description_kind":"plain","optional":true,"computed":true}},"block_types":{"timeouts":{"nesting_mode":"single","block":{"attributes":{"read":{"type":"string","description_kind":"plain","optional":true}},"description_kind":"plain"}}},"description_kind":"plain"}},"ibm_cis_ip_addresses":{"version":0,"block":{"attributes":{"id":{"type":"string","description_kind":"plain","optional":true,"computed":true},"ipv4_cidrs":{"type":["list","string"],"description_kind":"plain","computed":true},"ipv6_cidrs":{"type":["list","string"],"description_kind":"plain","computed":true}},"description_kind":"plain"}},"ibm_cis_origin_pools":{"version":0,"block":{"attributes":{"cis_id":{"type":"string","description":"DNS Zone CRN","description_kind":"plain","required":true},"cis_origin_pools":{"type":["list",["object",{"check_regions":["list","string"],"created_on":"string","description":"string","enabled":"bool","healthy":"bool","id":"string","minimum_origins":"number","modified_on":"string","monitor":"string","name":"string","notification_email":"string","origins":["list",["object",{"address":"string","disabled_at":"string","enabled":"bool","failure_reason":"string","healthy":"bool","name":"string","weight":"number"}]],"pool_id":"string"}]],"description":"Collection of GLB pools detail","description_kind":"plain","computed":true},"id":{"type":"string","description_kind":"plain","optional":true,"computed":true}},"block_types":{"timeouts":{"nesting_mode":"single","block":{"attributes":{"read":{"type":"string","description_kind":"plain","optional":true}},"description_kind":"plain"}}},"description_kind":"plain"}},"ibm_cis_page_rules":{"version":0,"block":{"attributes":{"cis_id":{"type":"string","description":"DNS Zone CRN","description_kind":"plain","required":true},"cis_page_rules":{"type":["list",["object",{"actions":["list",["object",{"id":"string","status_code":"number","url":"string","value":"string"}]],"id":"string","priority":"number","rule_id":"string","status":"string","targets":["list",["object",{"constraint":["list",["object",{"operator":"string","value":"string"}]],"target":"string"}]]}]],"description":"Collection of page rules detail","description_kind":"plain","computed":true},"domain_id":{"type":"string","description":"DNS Zone ID","description_kind":"plain","required":true},"id":{"type":"string","description_kind":"plain","optional":true,"computed":true}},"block_types":{"timeouts":{"nesting_mode":"single","block":{"attributes":{"read":{"type":"string","description_kind":"plain","optional":true}},"description_kind":"plain"}}},"description_kind":"plain"}},"ibm_cis_range_apps":{"version":0,"block":{"attributes":{"cis_id":{"type":"string","description":"CIS Intance CRN","description_kind":"plain","required":true},"domain_id":{"type":"string","description":"CIS Domain ID","description_kind":"plain","required":true},"id":{"type":"string","description_kind":"plain","optional":true,"computed":true},"range_apps":{"type":["list",["object",{"app_id":"string","created_on":"string","dns":"string","dns_type":"string","edge_ips_connectivity":"string","edge_ips_type":"string","id":"string","ip_firewall":"bool","modified_on":"string","origin_direct":["list","string"],"protocol":"string","proxy_protocol":"string","tls":"string","traffic_type":"string"}]],"description":"Collection of range application detail","description_kind":"plain","computed":true}},"description_kind":"plain"}},"ibm_cis_rate_limit":{"version":0,"block":{"attributes":{"cis_id":{"type":"string","description_kind":"plain","required":true},"domain_id":{"type":"string","description_kind":"plain","required":true},"id":{"type":"string","description_kind":"plain","optional":true,"computed":true},"rate_limit":{"type":["list",["object",{"action":["list",["object",{"mode":"string","response":["list",["object",{"body":"string","content_type":"string"}]],"timeout":"number"}]],"bypass":["list",["object",{"name":"string","value":"string"}]],"correlate":["list",["object",{"by":"string"}]],"description":"string","disabled":"bool","match":["list",["object",{"request":["list",["object",{"methods":["list","string"],"schemes":["list","string"],"url":"string"}]],"response":["list",["object",{"headers":["list",["object",{"name":"string","op":"string","value":"string"}]],"origin_traffic":"bool","status":["list","number"]}]]}]],"period":"number","rule_id":"string","threshold":"number"}]],"description_kind":"plain","computed":true}},"description_kind":"plain"}},"ibm_cis_waf_groups":{"version":0,"block":{"attributes":{"cis_id":{"type":"string","description":"CIS Intance CRN","description_kind":"plain","required":true},"domain_id":{"type":"string","description":"CIS Domain ID","description_kind":"plain","required":true},"id":{"type":"string","description_kind":"plain","optional":true,"computed":true},"package_id":{"type":"string","description":"WAF Rule package id","description_kind":"plain","required":true},"waf_groups":{"type":["list",["object",{"description":"string","group_id":"string","id":"string","mode":"string","modified_rules_count":"number","name":"string","rules_count":"number"}]],"description_kind":"plain","computed":true}},"description_kind":"plain"}},"ibm_cis_waf_packages":{"version":0,"block":{"attributes":{"cis_id":{"type":"string","description":"DNS Zone CRN","description_kind":"plain","required":true},"domain_id":{"type":"string","description":"CIS domain id","description_kind":"plain","required":true},"id":{"type":"string","description_kind":"plain","optional":true,"computed":true},"waf_packages":{"type":["list",["object",{"description":"string","detection_mode":"string","id":"string","name":"string","package_id":"string"}]],"description":"Collection of GLB Health check/monitor detail","description_kind":"plain","computed":true}},"description_kind":"plain"}},"ibm_cis_waf_rules":{"version":0,"block":{"attributes":{"cis_id":{"type":"string","description":"CIS object id","description_kind":"plain","required":true},"domain_id":{"type":"string","description":"CISzone - Domain","description_kind":"plain","required":true},"id":{"type":"string","description_kind":"plain","optional":true,"computed":true},"package_id":{"type":"string","description":"WAF rule package id","description_kind":"plain","required":true},"waf_rules":{"type":["list",["object",{"allowed_modes":["list","string"],"description":"string","group":["list",["object",{"id":"string","name":"string"}]],"id":"string","mode":"string","package_id":"string","priority":"string","rule_id":"string"}]],"description":"Collection of WAF Rules","description_kind":"plain","computed":true}},"description_kind":"plain"}},"ibm_cm_catalog":{"version":0,"block":{"attributes":{"catalog_icon_url":{"type":"string","description":"URL for an icon associated with this catalog.","description_kind":"plain","computed":true},"catalog_identifier":{"type":"string","description":"ID for catalog","description_kind":"plain","required":true},"crn":{"type":"string","description":"CRN associated with the catalog.","description_kind":"plain","computed":true},"id":{"type":"string","description_kind":"plain","optional":true,"computed":true},"label":{"type":"string","description":"Display Name in the requested language.","description_kind":"plain","computed":true},"offerings_url":{"type":"string","description":"URL path to offerings.","description_kind":"plain","computed":true},"short_description":{"type":"string","description":"Description in the requested language.","description_kind":"plain","computed":true},"tags":{"type":["list","string"],"description":"List of tags associated with this catalog.","description_kind":"plain","computed":true},"url":{"type":"string","description":"The url for this specific catalog.","description_kind":"plain","computed":true}},"description_kind":"plain"}},"ibm_cm_offering":{"version":0,"block":{"attributes":{"catalog_id":{"type":"string","description":"The id of the catalog containing this offering.","description_kind":"plain","computed":true},"catalog_identifier":{"type":"string","description":"Catalog identifier.","description_kind":"plain","required":true},"catalog_name":{"type":"string","description":"The name of the catalog.","description_kind":"plain","computed":true},"crn":{"type":"string","description":"The crn for this specific offering.","description_kind":"plain","computed":true},"disclaimer":{"type":"string","description":"A disclaimer for this offering.","description_kind":"plain","computed":true},"hidden":{"type":"bool","description":"Determine if this offering should be displayed in the Consumption UI.","description_kind":"plain","computed":true},"ibm_publish_approved":{"type":"bool","description":"Indicates if this offering has been approved for use by all IBMers.","description_kind":"plain","computed":true},"id":{"type":"string","description_kind":"plain","optional":true,"computed":true},"label":{"type":"string","description":"Display Name in the requested language.","description_kind":"plain","computed":true},"long_description":{"type":"string","description":"Long description in the requested language.","description_kind":"plain","computed":true},"name":{"type":"string","description":"The programmatic name of this offering.","description_kind":"plain","computed":true},"offering_docs_url":{"type":"string","description":"URL for an additional docs with this offering.","description_kind":"plain","computed":true},"offering_icon_url":{"type":"string","description":"URL for an icon associated with this offering.","description_kind":"plain","computed":true},"offering_id":{"type":"string","description":"The id of the catalog containing this offering.","description_kind":"plain","required":true},"offering_support_url":{"type":"string","description":"URL to be displayed in the Consumption UI for getting support on this offering.","description_kind":"plain","computed":true},"permit_request_ibm_public_publish":{"type":"bool","description":"Is it permitted to request publishing to IBM or Public.","description_kind":"plain","computed":true},"portal_approval_record":{"type":"string","description":"The portal's approval record ID.","description_kind":"plain","computed":true},"portal_ui_url":{"type":"string","description":"The portal UI URL.","description_kind":"plain","computed":true},"public_original_crn":{"type":"string","description":"The original offering CRN that this publish entry came from.","description_kind":"plain","computed":true},"public_publish_approved":{"type":"bool","description":"Indicates if this offering has been approved for use by all IBM Cloud users.","description_kind":"plain","computed":true},"publish_public_crn":{"type":"string","description":"The crn of the public catalog entry of this offering.","description_kind":"plain","computed":true},"repo_info":{"type":["list",["object",{"token":"string","type":"string"}]],"description":"Repository info for offerings.","description_kind":"plain","computed":true},"short_description":{"type":"string","description":"Short description in the requested language.","description_kind":"plain","computed":true},"url":{"type":"string","description":"The url for this specific offering.","description_kind":"plain","computed":true}},"description_kind":"plain"}},"ibm_cm_offering_instance":{"version":0,"block":{"attributes":{"_rev":{"type":"string","description":"Cloudant Revision for this instance","description_kind":"plain","computed":true},"catalog_id":{"type":"string","description":"Catalog ID this instance was created from.","description_kind":"plain","computed":true},"channel":{"type":"string","description":"channel to target for the operator subscription. Required for operator bundles","description_kind":"plain","computed":true},"cluster_all_namespaces":{"type":"bool","description":"designate to install into all namespaces.","description_kind":"plain","computed":true},"cluster_id":{"type":"string","description":"Cluster ID.","description_kind":"plain","computed":true},"cluster_namespaces":{"type":["list","string"],"description":"List of target namespaces to install into.","description_kind":"plain","computed":true},"cluster_region":{"type":"string","description":"Cluster region (e.g., us-south).","description_kind":"plain","computed":true},"crn":{"type":"string","description":"platform CRN for this instance.","description_kind":"plain","computed":true},"id":{"type":"string","description_kind":"plain","optional":true,"computed":true},"install_plan":{"type":"string","description":"install plan for the subscription of the operator- can be either Automatic or Manual. Required for operator bundles","description_kind":"plain","computed":true},"instance_identifier":{"type":"string","description":"ID for this instance","description_kind":"plain","required":true},"kind_format":{"type":"string","description":"the format this instance has (helm, operator, ova...).","description_kind":"plain","computed":true},"label":{"type":"string","description":"the label for this instance.","description_kind":"plain","computed":true},"offering_id":{"type":"string","description":"Offering ID this instance was created from.","description_kind":"plain","computed":true},"resource_group_id":{"type":"string","description":"id of the resource group","description_kind":"plain","computed":true},"schematics_workspace_id":{"type":"string","description":"id of the schematics workspace, for offerings installed through schematics","description_kind":"plain","computed":true},"url":{"type":"string","description":"url reference to this object.","description_kind":"plain","computed":true},"version":{"type":"string","description":"The version this instance was installed from (not version id).","description_kind":"plain","computed":true}},"description_kind":"plain"}},"ibm_cm_version":{"version":0,"block":{"attributes":{"catalog_id":{"type":"string","description":"Catalog ID.","description_kind":"plain","computed":true},"crn":{"type":"string","description":"Version's CRN.","description_kind":"plain","computed":true},"id":{"type":"string","description_kind":"plain","optional":true,"computed":true},"repo_url":{"type":"string","description":"Content's repo URL.","description_kind":"plain","computed":true},"sha":{"type":"string","description":"hash of the content.","description_kind":"plain","computed":true},"source_url":{"type":"string","description":"Content's source URL (e.g git repo).","description_kind":"plain","computed":true},"tgz_url":{"type":"string","description":"File used to on-board this version.","description_kind":"plain","computed":true},"version":{"type":"string","description":"Version of content type.","description_kind":"plain","computed":true},"version_loc_id":{"type":"string","description":"Catalog identifier.","description_kind":"plain","required":true}},"description_kind":"plain"}},"ibm_compute_bare_metal":{"version":0,"block":{"attributes":{"block_storage_ids":{"type":["set","number"],"description":"Block storage to which this computing server have access.","description_kind":"plain","computed":true},"datacenter":{"type":"string","description":"Datacenter in which the bare metal is deployed","description_kind":"plain","computed":true},"domain":{"type":"string","description":"The domain of the bare metal server","description_kind":"plain","optional":true,"computed":true},"file_storage_ids":{"type":["set","number"],"description":"File storage to which this computing server have access.","description_kind":"plain","computed":true},"global_identifier":{"type":"string","description":"The unique global identifier of the bare metal server","description_kind":"plain","optional":true,"computed":true},"hostname":{"type":"string","description":"The hostname of the bare metal server","description_kind":"plain","optional":true,"computed":true},"hourly_billing":{"type":"bool","description":"The billing type of the server.","description_kind":"plain","computed":true},"id":{"type":"string","description_kind":"plain","optional":true,"computed":true},"ipv6_address":{"type":"string","description":"The public IPv6 address of the bare metal server ","description_kind":"plain","computed":true},"ipv6_address_id":{"type":"number","description_kind":"plain","computed":true},"ipv6_enabled":{"type":"bool","description":"Indicates whether the public IPv6 address enabled or not","description_kind":"plain","computed":true},"memory":{"type":"number","description":"The amount of memory in gigabytes, for the server.","description_kind":"plain","computed":true},"most_recent":{"type":"bool","description":"If true and multiple entries are found, the most recently created bare metal is used. If false, an error is returned","description_kind":"plain","optional":true},"network_speed":{"type":"number","description":"The connection speed, expressed in Mbps,  for the server network components.","description_kind":"plain","computed":true},"notes":{"type":"string","description":"Notes associated with the server.","description_kind":"plain","computed":true},"os_reference_code":{"type":"string","description_kind":"plain","computed":true},"private_ipv4_address":{"type":"string","description":"The private IPv4 address of the bare metal server.","description_kind":"plain","computed":true},"private_ipv4_address_id":{"type":"number","description_kind":"plain","computed":true},"private_network_only":{"type":"bool","description":"Specifies whether the server only has access to the private network.","description_kind":"plain","computed":true},"private_subnet":{"type":"number","description":"The private subnet used for the private network interface of the server.","description_kind":"plain","computed":true},"private_vlan_id":{"type":"number","description":"The private VLAN used for the private network interface of the server.","description_kind":"plain","computed":true},"public_bandwidth":{"type":"number","description":"The amount of public network traffic, allowed per month.","description_kind":"plain","computed":true},"public_ipv4_address":{"type":"string","description":"The public IPv4 address of the bare metal server.","description_kind":"plain","computed":true},"public_ipv4_address_id":{"type":"number","description_kind":"plain","computed":true},"public_subnet":{"type":"number","description":"The public subnet used for the public network interface of the server.","description_kind":"plain","computed":true},"public_vlan_id":{"type":"number","description":"The public VLAN used for the public network interface of the server.","description_kind":"plain","computed":true},"redundant_network":{"type":"bool","description":"When the value is `true`, two physical network interfaces are provided with a bonding configuration.","description_kind":"plain","computed":true},"redundant_power_supply":{"type":"bool","description":"When the value is `true`, it indicates additional power supply is provided.","description_kind":"plain","computed":true},"secondary_ip_addresses":{"type":["list","string"],"description":" The public secondary IPv4 addresses of the bare metal server.","description_kind":"plain","computed":true},"secondary_ip_count":{"type":"number","description":"The number of secondary IPv4 addresses of the bare metal server.","description_kind":"plain","computed":true},"tags":{"type":["list","string"],"description":"Tags associated with this bare metal server.","description_kind":"plain","computed":true},"unbonded_network":{"type":"bool","description":"When the value is `true`, two physical network interfaces are provided without a bonding configuration.","description_kind":"plain","computed":true},"user_metadata":{"type":"string","description":"Arbitrary data available to the computing server.","description_kind":"plain","computed":true}},"description_kind":"plain"}},"ibm_compute_image_template":{"version":0,"block":{"attributes":{"id":{"type":"number","description":"The internal id of the image template","description_kind":"plain","computed":true},"name":{"type":"string","description":"The name of this image template","description_kind":"plain","required":true}},"description_kind":"plain"}},"ibm_compute_placement_group":{"version":0,"block":{"attributes":{"datacenter":{"type":"string","description_kind":"plain","computed":true},"id":{"type":"string","description_kind":"plain","optional":true,"computed":true},"name":{"type":"string","description_kind":"plain","required":true},"pod":{"type":"string","description_kind":"plain","computed":true},"rule":{"type":"string","description_kind":"plain","computed":true},"virtual_guests":{"type":["list",["object",{"domain":"string","hostname":"string","id":"number"}]],"description_kind":"plain","computed":true}},"description_kind":"plain"}},"ibm_compute_ssh_key":{"version":0,"block":{"attributes":{"fingerprint":{"type":"string","description":"A sequence of bytes to authenticate or lookup a longer ssh key","description_kind":"plain","computed":true},"id":{"type":"string","description_kind":"plain","optional":true,"computed":true},"label":{"type":"string","description":"The label associated with the ssh key","description_kind":"plain","required":true},"most_recent":{"type":"bool","description":"If true and multiple entries are found, the most recently created key is used. If false, an error is returned","description_kind":"plain","optional":true},"notes":{"type":"string","description":"A small note about a ssh key to use at your discretion","description_kind":"plain","computed":true},"public_key":{"type":"string","description":"The public ssh key","description_kind":"plain","computed":true}},"description_kind":"plain"}},"ibm_compute_vm_instance":{"version":0,"block":{"attributes":{"cores":{"type":"number","description":"Number of cpu cores","description_kind":"plain","computed":true},"datacenter":{"type":"string","description":"Datacenter in which the virtual guest is deployed","description_kind":"plain","computed":true},"domain":{"type":"string","description":"The domain of the virtual guest","description_kind":"plain","required":true},"hostname":{"type":"string","description":"The hostname of the virtual guest","description_kind":"plain","required":true},"id":{"type":"string","description_kind":"plain","optional":true,"computed":true},"ip_address_id":{"type":"number","description_kind":"plain","computed":true},"ip_address_id_private":{"type":"number","description_kind":"plain","computed":true},"ipv4_address":{"type":"string","description_kind":"plain","computed":true},"ipv4_address_private":{"type":"string","description_kind":"plain","computed":true},"ipv6_address":{"type":"string","description_kind":"plain","computed":true},"ipv6_address_id":{"type":"number","description_kind":"plain","computed":true},"last_known_power_state":{"type":"string","description":"The last known power state of a virtual guest in the event the guest is turned off outside of IMS or has gone offline.","description_kind":"plain","computed":true},"most_recent":{"type":"bool","description":"If true and multiple entries are found, the most recently created virtual guest is used. If false, an error is returned","description_kind":"plain","optional":true},"power_state":{"type":"string","description":"The current power state of a virtual guest.","description_kind":"plain","computed":true},"private_interface_id":{"type":"number","description_kind":"plain","computed":true},"private_subnet_id":{"type":"number","description_kind":"plain","computed":true},"public_interface_id":{"type":"number","description_kind":"plain","computed":true},"public_ipv6_subnet":{"type":"string","description_kind":"plain","computed":true},"public_ipv6_subnet_id":{"type":"string","description_kind":"plain","computed":true},"public_subnet_id":{"type":"number","description_kind":"plain","computed":true},"secondary_ip_addresses":{"type":["list","string"],"description_kind":"plain","computed":true},"secondary_ip_count":{"type":"number","description_kind":"plain","computed":true},"status":{"type":"string","description":"The VSI status","description_kind":"plain","computed":true}},"description_kind":"plain"}},"ibm_container_addons":{"version":0,"block":{"attributes":{"addons":{"type":["list",["object",{"allowed_upgrade_versions":["list","string"],"deprecated":"bool","health_state":"string","health_status":"string","min_kube_version":"string","min_ocp_version":"string","name":"string","supported_kube_range":"string","target_version":"string","version":"string","vlan_spanning_required":"bool"}]],"description":"The List of AddOns","description_kind":"plain","computed":true},"cluster":{"type":"string","description":"Cluster Name or ID","description_kind":"plain","required":true},"id":{"type":"string","description_kind":"plain","optional":true,"computed":true},"resource_group_id":{"type":"string","description":"ID of the resource group.","description_kind":"plain","computed":true}},"description_kind":"plain"}},"ibm_container_alb":{"version":0,"block":{"attributes":{"alb_id":{"type":"string","description":"ALB ID","description_kind":"plain","required":true},"alb_type":{"type":"string","description":"ALB type","description_kind":"plain","computed":true},"cluster":{"type":"string","description":"Cluster id","description_kind":"plain","computed":true},"disable_deployment":{"type":"bool","description":"Set to true if ALB needs to be disabled","description_kind":"plain","computed":true},"enable":{"type":"bool","description":"set to true if ALB needs to be enabled","description_kind":"plain","computed":true},"id":{"type":"string","description_kind":"plain","optional":true,"computed":true},"name":{"type":"string","description":"ALB name","description_kind":"plain","computed":true},"user_ip":{"type":"string","description":"IP assigned by the user","description_kind":"plain","computed":true},"zone":{"type":"string","description":"ALB zone","description_kind":"plain","computed":true}},"description_kind":"plain"}},"ibm_container_alb_cert":{"version":0,"block":{"attributes":{"cert_crn":{"type":"string","description":"Certificate CRN id","description_kind":"plain","computed":true},"cloud_cert_instance_id":{"type":"string","description":"cloud cert instance ID","description_kind":"plain","computed":true},"cluster_crn":{"type":"string","description":"cluster CRN","description_kind":"plain","deprecated":true,"computed":true},"cluster_id":{"type":"string","description":"Cluster ID","description_kind":"plain","required":true},"domain_name":{"type":"string","description":"Domain name","description_kind":"plain","computed":true},"expires_on":{"type":"string","description":"Certificate expaire on date","description_kind":"plain","computed":true},"id":{"type":"string","description_kind":"plain","optional":true,"computed":true},"issuer_name":{"type":"string","description":"certificate issuer name","description_kind":"plain","deprecated":true,"computed":true},"namespace":{"type":"string","description":"Namespace of the secret","description_kind":"plain","optional":true},"persistence":{"type":"bool","description":"Persistence of secret","description_kind":"plain","computed":true},"secret_name":{"type":"string","description":"Secret name","description_kind":"plain","required":true},"status":{"type":"string","description":"Secret Status","description_kind":"plain","computed":true}},"description_kind":"plain"}},"ibm_container_bind_service":{"version":0,"block":{"attributes":{"cluster_name_id":{"type":"string","description":"Cluster name or ID","description_kind":"plain","required":true},"id":{"type":"string","description_kind":"plain","optional":true,"computed":true},"namespace_id":{"type":"string","description":"namespace ID","description_kind":"plain","required":true},"service_instance_id":{"type":"string","description":"Service instance ID","description_kind":"plain","optional":true,"computed":true},"service_instance_name":{"type":"string","description":"serivice instance name","description_kind":"plain","optional":true,"computed":true},"service_key_name":{"type":"string","description":"Key info","description_kind":"plain","computed":true}},"description_kind":"plain"}},"ibm_container_cluster":{"version":0,"block":{"attributes":{"account_guid":{"type":"string","description":"The bluemix account guid this cluster belongs to","description_kind":"plain","deprecated":true,"optional":true},"alb_type":{"type":"string","description_kind":"plain","optional":true},"albs":{"type":["list",["object",{"alb_ip":"string","alb_type":"string","disable_deployment":"bool","enable":"bool","id":"string","name":"string","num_of_instances":"string","resize":"bool","state":"string"}]],"description_kind":"plain","computed":true},"api_key_id":{"type":"string","description":"ID of APIkey","description_kind":"plain","computed":true},"api_key_owner_email":{"type":"string","description":"email id of the key owner","description_kind":"plain","computed":true},"api_key_owner_name":{"type":"string","description":"Name of the key owner","description_kind":"plain","computed":true},"bounded_services":{"type":["set",["object",{"namespace":"string","service_id":"string","service_key_name":"string","service_name":"string"}]],"description_kind":"plain","computed":true},"cluster_name_id":{"type":"string","description":"Name or id of the cluster","description_kind":"plain","deprecated":true,"optional":true},"crn":{"type":"string","description":"CRN of resource instance","description_kind":"plain","computed":true},"id":{"type":"string","description_kind":"plain","optional":true,"computed":true},"ingress_hostname":{"type":"string","description_kind":"plain","computed":true},"ingress_secret":{"type":"string","description_kind":"plain","computed":true,"sensitive":true},"is_trusted":{"type":"bool","description_kind":"plain","computed":true},"list_bounded_services":{"type":"bool","description":"If set to false bounded services won't be listed.","description_kind":"plain","optional":true},"name":{"type":"string","description":"Name or id of the cluster","description_kind":"plain","optional":true},"org_guid":{"type":"string","description":"The bluemix organization guid this cluster belongs to","description_kind":"plain","deprecated":true,"optional":true},"private_service_endpoint":{"type":"bool","description_kind":"plain","computed":true},"private_service_endpoint_url":{"type":"string","description_kind":"plain","computed":true},"public_service_endpoint":{"type":"bool","description_kind":"plain","computed":true},"public_service_endpoint_url":{"type":"string","description_kind":"plain","computed":true},"region":{"type":"string","description":"The cluster region","description_kind":"plain","deprecated":true,"optional":true,"computed":true},"resource_controller_url":{"type":"string","description":"The URL of the IBM Cloud dashboard that can be used to explore and view details about this cluster","description_kind":"plain","computed":true},"resource_crn":{"type":"string","description":"The crn of the resource","description_kind":"plain","computed":true},"resource_group_id":{"type":"string","description":"ID of the resource group.","description_kind":"plain","optional":true,"computed":true},"resource_group_name":{"type":"string","description":"The resource group name in which resource is provisioned","description_kind":"plain","computed":true},"resource_name":{"type":"string","description":"The name of the resource","description_kind":"plain","computed":true},"resource_status":{"type":"string","description":"The status of the resource","description_kind":"plain","computed":true},"server_url":{"type":"string","description_kind":"plain","computed":true},"space_guid":{"type":"string","description":"The bluemix space guid this cluster belongs to","description_kind":"plain","deprecated":true,"optional":true},"vlans":{"type":["list",["object",{"id":"string","subnets":["list",["object",{"cidr":"string","id":"string","ips":["list","string"],"is_byoip":"bool","is_public":"bool"}]]}]],"description_kind":"plain","computed":true},"worker_count":{"type":"number","description":"Number of workers","description_kind":"plain","computed":true},"worker_pools":{"type":["list",["object",{"hardware":"string","id":"string","labels":["map","string"],"machine_type":"string","name":"string","size_per_zone":"number","state":"string","zones":["list",["object",{"private_vlan":"string","public_vlan":"string","worker_count":"number","zone":"string"}]]}]],"description_kind":"plain","computed":true},"workers":{"type":["list","string"],"description_kind":"plain","computed":true}},"description_kind":"plain"}},"ibm_container_cluster_config":{"version":0,"block":{"attributes":{"account_guid":{"type":"string","description":"The bluemix account guid this cluster belongs to","description_kind":"plain","deprecated":true,"optional":true},"admin":{"type":"bool","description":"If set to true will download the config for admin","description_kind":"plain","optional":true},"admin_certificate":{"type":"string","description_kind":"plain","computed":true,"sensitive":true},"admin_key":{"type":"string","description_kind":"plain","computed":true,"sensitive":true},"ca_certificate":{"type":"string","description_kind":"plain","computed":true,"sensitive":true},"calico_config_file_path":{"type":"string","description":"The absolute path to the calico network config file ","description_kind":"plain","computed":true},"cluster_name_id":{"type":"string","description":"The name/id of the cluster","description_kind":"plain","required":true},"config_dir":{"type":"string","description":"The directory where the cluster config to be downloaded. Default is home directory ","description_kind":"plain","optional":true,"computed":true},"config_file_path":{"type":"string","description":"The absolute path to the kubernetes config yml file ","description_kind":"plain","computed":true},"download":{"type":"bool","description":"If set to false will not download the config, otherwise they are downloaded each time but onto the same path for a given cluster name/id","description_kind":"plain","optional":true},"host":{"type":"string","description_kind":"plain","computed":true},"id":{"type":"string","description_kind":"plain","optional":true,"computed":true},"network":{"type":"bool","description":"If set to true will download the Calico network config with the Admin config","description_kind":"plain","optional":true},"org_guid":{"type":"string","description":"The bluemix organization guid this cluster belongs to","description_kind":"plain","deprecated":true,"optional":true},"region":{"type":"string","description":"The cluster region","description_kind":"plain","deprecated":true,"optional":true},"resource_group_id":{"type":"string","description":"ID of the resource group.","description_kind":"plain","optional":true},"space_guid":{"type":"string","description":"The bluemix space guid this cluster belongs to","description_kind":"plain","deprecated":true,"optional":true},"token":{"type":"string","description_kind":"plain","computed":true,"sensitive":true}},"description_kind":"plain"}},"ibm_container_cluster_versions":{"version":0,"block":{"attributes":{"account_guid":{"type":"string","description":"The bluemix account guid this cluster belongs to","description_kind":"plain","deprecated":true,"optional":true},"id":{"type":"string","description_kind":"plain","optional":true,"computed":true},"org_guid":{"type":"string","description":"The bluemix organization guid this cluster belongs to","description_kind":"plain","deprecated":true,"optional":true},"region":{"type":"string","description":"The cluster region","description_kind":"plain","deprecated":true,"optional":true},"resource_group_id":{"type":"string","description":"ID of the resource group.","description_kind":"plain","optional":true},"space_guid":{"type":"string","description":"The bluemix space guid this cluster belongs to","description_kind":"plain","deprecated":true,"optional":true},"valid_kube_versions":{"type":["list","string"],"description":"List supported kube-versions","description_kind":"plain","computed":true},"valid_openshift_versions":{"type":["list","string"],"description":"List of supported openshift-versions","description_kind":"plain","computed":true}},"description_kind":"plain"}},"ibm_container_cluster_worker":{"version":0,"block":{"attributes":{"account_guid":{"type":"string","description":"The bluemix account guid this cluster belongs to","description_kind":"plain","deprecated":true,"optional":true},"id":{"type":"string","description_kind":"plain","optional":true,"computed":true},"org_guid":{"type":"string","description":"The bluemix organization guid this cluster belongs to","description_kind":"plain","deprecated":true,"optional":true},"private_ip":{"type":"string","description_kind":"plain","computed":true},"private_vlan":{"type":"string","description_kind":"plain","computed":true},"public_ip":{"type":"string","description_kind":"plain","computed":true},"public_vlan":{"type":"string","description_kind":"plain","computed":true},"region":{"type":"string","description":"The cluster region","description_kind":"plain","deprecated":true,"optional":true},"resource_controller_url":{"type":"string","description":"The URL of the IBM Cloud dashboard that can be used to explore and view details about this cluster","description_kind":"plain","computed":true},"resource_group_id":{"type":"string","description":"ID of the resource group.","description_kind":"plain","optional":true},"space_guid":{"type":"string","description":"The bluemix space guid this cluster belongs to","description_kind":"plain","deprecated":true,"optional":true},"state":{"type":"string","description":"State of the worker","description_kind":"plain","computed":true},"status":{"type":"string","description":"Status of the worker","description_kind":"plain","computed":true},"worker_id":{"type":"string","description":"ID of the worker","description_kind":"plain","required":true}},"description_kind":"plain"}},"ibm_container_vpc_alb":{"version":0,"block":{"attributes":{"alb_id":{"type":"string","description":"ALB ID","description_kind":"plain","required":true},"alb_type":{"type":"string","description_kind":"plain","computed":true},"cluster":{"type":"string","description_kind":"plain","computed":true},"disable_deployment":{"type":"bool","description_kind":"plain","computed":true},"enable":{"type":"bool","description_kind":"plain","computed":true},"id":{"type":"string","description_kind":"plain","optional":true,"computed":true},"load_balancer_hostname":{"type":"string","description_kind":"plain","computed":true},"name":{"type":"string","description_kind":"plain","computed":true},"resize":{"type":"bool","description_kind":"plain","computed":true},"state":{"type":"string","description_kind":"plain","computed":true},"status":{"type":"string","description_kind":"plain","computed":true},"zone":{"type":"string","description_kind":"plain","computed":true}},"description_kind":"plain"}},"ibm_container_vpc_cluster":{"version":0,"block":{"attributes":{"alb_type":{"type":"string","description_kind":"plain","optional":true},"albs":{"type":["list",["object",{"alb_type":"string","disable_deployment":"bool","enable":"bool","id":"string","load_balancer_hostname":"string","name":"string","resize":"bool","state":"string"}]],"description_kind":"plain","computed":true},"api_key_id":{"type":"string","description":"ID of APIkey","description_kind":"plain","computed":true},"api_key_owner_email":{"type":"string","description":"email id of the key owner","description_kind":"plain","computed":true},"api_key_owner_name":{"type":"string","description":"Name of the key owner","description_kind":"plain","computed":true},"cluster_name_id":{"type":"string","description":"Name or id of the cluster","description_kind":"plain","deprecated":true,"optional":true},"crn":{"type":"string","description":"CRN of resource instance","description_kind":"plain","computed":true},"health":{"type":"string","description_kind":"plain","computed":true},"id":{"type":"string","description_kind":"plain","optional":true,"computed":true},"ingress_hostname":{"type":"string","description_kind":"plain","computed":true},"ingress_secret":{"type":"string","description_kind":"plain","computed":true,"sensitive":true},"kube_version":{"type":"string","description_kind":"plain","computed":true},"master_url":{"type":"string","description_kind":"plain","computed":true},"name":{"type":"string","description":"Name or id of the cluster","description_kind":"plain","optional":true},"pod_subnet":{"type":"string","description":"Custom subnet CIDR to provide private IP addresses for pods","description_kind":"plain","computed":true},"private_service_endpoint":{"type":"bool","description_kind":"plain","computed":true},"private_service_endpoint_url":{"type":"string","description_kind":"plain","computed":true},"public_service_endpoint":{"type":"bool","description_kind":"plain","computed":true},"public_service_endpoint_url":{"type":"string","description_kind":"plain","computed":true},"resource_controller_url":{"type":"string","description":"The URL of the IBM Cloud dashboard that can be used to explore and view details about this cluster","description_kind":"plain","computed":true},"resource_crn":{"type":"string","description":"The crn of the resource","description_kind":"plain","computed":true},"resource_group_id":{"type":"string","description":"ID of the resource group.","description_kind":"plain","optional":true,"computed":true},"resource_group_name":{"type":"string","description":"The resource group name in which resource is provisioned","description_kind":"plain","computed":true},"resource_name":{"type":"string","description":"The name of the resource","description_kind":"plain","computed":true},"resource_status":{"type":"string","description":"The status of the resource","description_kind":"plain","computed":true},"service_subnet":{"type":"string","description":"Custom subnet CIDR to provide private IP addresses for services","description_kind":"plain","computed":true},"state":{"type":"string","description_kind":"plain","computed":true},"status":{"type":"string","description":"The status of the cluster master","description_kind":"plain","computed":true},"tags":{"type":["set","string"],"description_kind":"plain","computed":true},"worker_count":{"type":"number","description":"Number of workers","description_kind":"plain","computed":true},"worker_pools":{"type":["list",["object",{"flavor":"string","id":"string","isolation":"string","labels":["map","string"],"name":"string","state":"string","worker_count":"number","zones":["list",["object",{"subnets":["list",["object",{"id":"string","primary":"bool"}]],"worker_count":"number","zone":"string"}]]}]],"description_kind":"plain","computed":true},"workers":{"type":["list","string"],"description_kind":"plain","computed":true}},"description_kind":"plain"}},"ibm_container_vpc_cluster_alb":{"version":0,"block":{"attributes":{"alb_id":{"type":"string","description":"ALB ID","description_kind":"plain","required":true},"alb_type":{"type":"string","description_kind":"plain","computed":true},"cluster":{"type":"string","description_kind":"plain","computed":true},"disable_deployment":{"type":"bool","description_kind":"plain","computed":true},"enable":{"type":"bool","description_kind":"plain","computed":true},"id":{"type":"string","description_kind":"plain","optional":true,"computed":true},"load_balancer_hostname":{"type":"string","description_kind":"plain","computed":true},"name":{"type":"string","description_kind":"plain","computed":true},"resize":{"type":"bool","description_kind":"plain","computed":true},"state":{"type":"string","description_kind":"plain","computed":true},"status":{"type":"string","description_kind":"plain","computed":true},"zone":{"type":"string","description_kind":"plain","computed":true}},"description_kind":"plain"}},"ibm_container_vpc_cluster_worker":{"version":0,"block":{"attributes":{"cluster_name_id":{"type":"string","description":"Name or ID of the cluster","description_kind":"plain","required":true},"flavor":{"type":"string","description":"flavor of the worker","description_kind":"plain","computed":true},"id":{"type":"string","description_kind":"plain","optional":true,"computed":true},"kube_version":{"type":"string","description":"kube version of the worker","description_kind":"plain","computed":true},"network_interfaces":{"type":["list",["object",{"cidr":"string","ip_address":"string","subnet_id":"string"}]],"description_kind":"plain","computed":true},"pool_id":{"type":"string","description":"worker pool id","description_kind":"plain","computed":true},"pool_name":{"type":"string","description":"worker pool name","description_kind":"plain","computed":true},"resource_controller_url":{"type":"string","description":"The URL of the IBM Cloud dashboard that can be used to explore and view details about this cluster","description_kind":"plain","computed":true},"resource_group_id":{"type":"string","description":"ID of the resource group.","description_kind":"plain","optional":true},"state":{"type":"string","description":"State of the worker","description_kind":"plain","computed":true},"worker_id":{"type":"string","description":"ID of the worker","description_kind":"plain","required":true}},"description_kind":"plain"}},"ibm_container_vpc_cluster_worker_pool":{"version":0,"block":{"attributes":{"cluster":{"type":"string","description":"Cluster name","description_kind":"plain","required":true},"flavor":{"type":"string","description_kind":"plain","computed":true},"id":{"type":"string","description_kind":"plain","optional":true,"computed":true},"isolation":{"type":"string","description_kind":"plain","computed":true},"labels":{"type":["map","string"],"description_kind":"plain","computed":true},"resource_group_id":{"type":"string","description_kind":"plain","computed":true},"vpc_id":{"type":"string","description_kind":"plain","computed":true},"worker_count":{"type":"number","description_kind":"plain","computed":true},"worker_pool_name":{"type":"string","description":"worker pool name","description_kind":"plain","required":true},"zones":{"type":["set",["object",{"name":"string","subnet_id":"string"}]],"description_kind":"plain","computed":true}},"description_kind":"plain"}},"ibm_container_vpc_worker_pool":{"version":0,"block":{"attributes":{"cluster":{"type":"string","description":"Cluster name","description_kind":"plain","required":true},"flavor":{"type":"string","description_kind":"plain","computed":true},"id":{"type":"string","description_kind":"plain","optional":true,"computed":true},"isolation":{"type":"string","description_kind":"plain","computed":true},"labels":{"type":["map","string"],"description_kind":"plain","computed":true},"resource_group_id":{"type":"string","description_kind":"plain","computed":true},"vpc_id":{"type":"string","description_kind":"plain","computed":true},"worker_count":{"type":"number","description_kind":"plain","computed":true},"worker_pool_name":{"type":"string","description":"worker pool name","description_kind":"plain","required":true},"zones":{"type":["set",["object",{"name":"string","subnet_id":"string"}]],"description_kind":"plain","computed":true}},"description_kind":"plain"}},"ibm_container_worker_pool":{"version":0,"block":{"attributes":{"cluster":{"type":"string","description":"Name or ID of the cluster","description_kind":"plain","required":true},"disk_encryption":{"type":"bool","description":"worker node disk encrypted if set to true","description_kind":"plain","computed":true},"hardware":{"type":"string","description":"Hardware type","description_kind":"plain","computed":true},"id":{"type":"string","description_kind":"plain","optional":true,"computed":true},"labels":{"type":["map","string"],"description":"list of labels to worker pool","description_kind":"plain","computed":true},"machine_type":{"type":"string","description":"worker nodes machine type","description_kind":"plain","computed":true},"resource_group_id":{"type":"string","description":"ID of the resource group.","description_kind":"plain","computed":true},"size_per_zone":{"type":"number","description":"Number of nodes per zone","description_kind":"plain","computed":true},"state":{"type":"string","description":"worker pool state","description_kind":"plain","computed":true},"worker_pool_name":{"type":"string","description":"worker pool name","description_kind":"plain","required":true},"zones":{"type":["list",["object",{"private_vlan":"string","public_vlan":"string","worker_count":"number","zone":"string"}]],"description":"worker pool zones","description_kind":"plain","computed":true}},"description_kind":"plain"}},"ibm_cos_bucket":{"version":0,"block":{"attributes":{"activity_tracking":{"type":["list",["object",{"activity_tracker_crn":"string","read_data_events":"bool","write_data_events":"bool"}]],"description_kind":"plain","computed":true},"allowed_ip":{"type":["list","string"],"description":"List of IPv4 or IPv6 addresses ","description_kind":"plain","computed":true},"archive_rule":{"type":["list",["object",{"days":"number","enable":"bool","rule_id":"string","type":"string"}]],"description":"Enable configuration archive_rule (glacier/accelerated) to COS Bucket after a defined period of time","description_kind":"plain","computed":true},"bucket_name":{"type":"string","description_kind":"plain","required":true},"bucket_region":{"type":"string","description_kind":"plain","required":true},"bucket_type":{"type":"string","description_kind":"plain","required":true},"crn":{"type":"string","description":"CRN of resource instance","description_kind":"plain","computed":true},"cross_region_location":{"type":"string","description_kind":"plain","computed":true},"endpoint_type":{"type":"string","description":"public or private","description_kind":"plain","optional":true},"expire_rule":{"type":["list",["object",{"days":"number","enable":"bool","prefix":"string","rule_id":"string"}]],"description":"Enable configuration expire_rule to COS Bucket","description_kind":"plain","computed":true},"id":{"type":"string","description_kind":"plain","optional":true,"computed":true},"key_protect":{"type":"string","description":"CRN of the key you want to use data at rest encryption","description_kind":"plain","computed":true},"metrics_monitoring":{"type":["list",["object",{"metrics_monitoring_crn":"string","request_metrics_enabled":"bool","usage_metrics_enabled":"bool"}]],"description_kind":"plain","computed":true},"object_versioning":{"type":["list",["object",{"enable":"bool"}]],"description":"Protect objects from accidental deletion or overwrites. Versioning allows you to keep multiple versions of an object protecting from unintentional data loss.","description_kind":"plain","computed":true},"region_location":{"type":"string","description_kind":"plain","computed":true},"resource_instance_id":{"type":"string","description_kind":"plain","required":true},"retention_rule":{"type":["list",["object",{"default":"number","maximum":"number","minimum":"number","permanent":"bool"}]],"description":"A retention policy is enabled at the IBM Cloud Object Storage bucket level. Minimum, maximum and default retention period are defined by this policy and apply to all objects in the bucket.","description_kind":"plain","computed":true},"s3_endpoint_private":{"type":"string","description":"Private endpoint for the COS bucket","description_kind":"plain","computed":true},"s3_endpoint_public":{"type":"string","description":"Public endpoint for the COS bucket","description_kind":"plain","computed":true},"single_site_location":{"type":"string","description_kind":"plain","computed":true},"storage_class":{"type":"string","description_kind":"plain","computed":true}},"description_kind":"plain"}},"ibm_cos_bucket_object":{"version":0,"block":{"attributes":{"body":{"type":"string","description":"COS object body","description_kind":"plain","computed":true},"bucket_crn":{"type":"string","description":"COS bucket CRN","description_kind":"plain","required":true},"bucket_location":{"type":"string","description":"COS bucket location","description_kind":"plain","required":true},"content_length":{"type":"number","description":"COS object content length","description_kind":"plain","computed":true},"content_type":{"type":"string","description":"COS object content type","description_kind":"plain","computed":true},"endpoint_type":{"type":"string","description":"COS endpoint type: public, private, direct","description_kind":"plain","optional":true},"etag":{"type":"string","description":"COS object MD5 hexdigest","description_kind":"plain","computed":true},"id":{"type":"string","description_kind":"plain","optional":true,"computed":true},"key":{"type":"string","description":"COS object key","description_kind":"plain","required":true},"last_modified":{"type":"string","description":"COS object last modified date","description_kind":"plain","computed":true},"version_id":{"type":"string","description_kind":"plain","computed":true}},"description_kind":"plain"}},"ibm_cr_namespaces":{"version":0,"block":{"attributes":{"id":{"type":"string","description_kind":"plain","optional":true,"computed":true},"namespaces":{"type":["list",["object",{"account":"string","created_date":"string","created_on":"string","crn":"string","name":"string","resource_created_date":"string","resource_group_id":"string","updated_date":"string","updated_on":"string"}]],"description":"Container Registry Namespaces","description_kind":"plain","computed":true}},"description_kind":"plain"}},"ibm_database":{"version":0,"block":{"attributes":{"adminpassword":{"type":"string","description":"The admin user id for the instance","description_kind":"plain","computed":true,"sensitive":true},"adminuser":{"type":"string","description":"The admin user id for the instance","description_kind":"plain","computed":true},"auto_scaling":{"type":["list",["object",{"cpu":["list",["object",{"rate_increase_percent":"number","rate_limit_count_per_member":"number","rate_limit_mb_per_member":"number","rate_period_seconds":"number","rate_units":"string"}]],"disk":["list",["object",{"capacity_enabled":"bool","free_space_less_than_percent":"number","free_space_remaining_percent":"number","io_above_percent":"number","io_enabled":"bool","io_over_period":"string","rate_increase_percent":"number","rate_limit_count_per_member":"number","rate_limit_mb_per_member":"number","rate_period_seconds":"number","rate_units":"string"}]],"memory":["list",["object",{"io_above_percent":"number","io_enabled":"bool","io_over_period":"string","rate_increase_percent":"number","rate_limit_count_per_member":"number","rate_limit_mb_per_member":"number","rate_period_seconds":"number","rate_units":"string"}]]}]],"description":"ICD Auto Scaling","description_kind":"plain","computed":true},"cert_file_path":{"type":"string","description":"The absolute path to certificate PEM file","description_kind":"plain","computed":true},"connectionstrings":{"type":["list",["object",{"certbase64":"string","certname":"string","composed":"string","database":"string","hosts":["list",["object",{"hostname":"string","port":"string"}]],"name":"string","password":"string","path":"string","queryoptions":"string","scheme":"string"}]],"description_kind":"plain","computed":true},"groups":{"type":["list",["object",{"count":"number","cpu":["list",["object",{"allocation_count":"number","can_scale_down":"bool","is_adjustable":"bool","minimum_count":"number","step_size_count":"number","units":"string"}]],"disk":["list",["object",{"allocation_mb":"number","can_scale_down":"bool","is_adjustable":"bool","minimum_mb":"number","step_size_mb":"number","units":"string"}]],"group_id":"string","memory":["list",["object",{"allocation_mb":"number","can_scale_down":"bool","is_adjustable":"bool","minimum_mb":"number","step_size_mb":"number","units":"string"}]]}]],"description_kind":"plain","computed":true},"guid":{"type":"string","description":"Unique identifier of resource instance","description_kind":"plain","computed":true},"id":{"type":"string","description_kind":"plain","optional":true,"computed":true},"location":{"type":"string","description":"The location or the region in which the Database instance exists","description_kind":"plain","optional":true},"members_disk_allocation_mb":{"type":"number","description":"Disk allocation required for cluster","description_kind":"plain","computed":true},"members_memory_allocation_mb":{"type":"number","description":"Memory allocation required for cluster","description_kind":"plain","computed":true},"name":{"type":"string","description":"Resource instance name for example, my Database instance","description_kind":"plain","required":true},"plan":{"type":"string","description":"The plan type of the Database instance","description_kind":"plain","computed":true},"platform_options":{"type":["map","string"],"description":"Platform-specific options for this deployment.r","description_kind":"plain","computed":true},"resource_controller_url":{"type":"string","description":"The URL of the IBM Cloud dashboard that can be used to explore and view details about the resource","description_kind":"plain","computed":true},"resource_crn":{"type":"string","description":"The crn of the resource","description_kind":"plain","computed":true},"resource_group_id":{"type":"string","description":"The id of the resource group in which the Database instance is present","description_kind":"plain","optional":true},"resource_group_name":{"type":"string","description":"The resource group name in which resource is provisioned","description_kind":"plain","computed":true},"resource_name":{"type":"string","description":"The name of the resource","description_kind":"plain","computed":true},"resource_status":{"type":"string","description":"The status of the resource","description_kind":"plain","computed":true},"service":{"type":"string","description":"The name of the Cloud Internet database service","description_kind":"plain","optional":true},"status":{"type":"string","description":"The resource instance status","description_kind":"plain","computed":true},"tags":{"type":["set","string"],"description_kind":"plain","optional":true},"users":{"type":["set",["object",{"name":"string","password":"string"}]],"description_kind":"plain","computed":true},"version":{"type":"string","description":"The database version to provision if specified","description_kind":"plain","computed":true},"whitelist":{"type":["set",["object",{"address":"string","description":"string"}]],"description_kind":"plain","computed":true}},"description_kind":"plain"}},"ibm_dl_gateway":{"version":0,"block":{"attributes":{"bgp_asn":{"type":"number","description":"BGP ASN","description_kind":"plain","computed":true},"bgp_base_cidr":{"type":"string","description":"BGP base CIDR","description_kind":"plain","computed":true},"bgp_cer_cidr":{"type":"string","description":"BGP customer edge router CIDR","description_kind":"plain","computed":true},"bgp_ibm_asn":{"type":"number","description":"IBM BGP ASN","description_kind":"plain","computed":true},"bgp_ibm_cidr":{"type":"string","description":"BGP IBM CIDR","description_kind":"plain","computed":true},"bgp_status":{"type":"string","description":"Gateway BGP status","description_kind":"plain","computed":true},"change_request":{"type":"string","description":"Changes pending approval for provider managed Direct Link Connect gateways","description_kind":"plain","computed":true},"completion_notice_reject_reason":{"type":"string","description":"Reason for completion notice rejection","description_kind":"plain","computed":true},"created_at":{"type":"string","description":"The date and time resource was created","description_kind":"plain","computed":true},"crn":{"type":"string","description":"The CRN (Cloud Resource Name) of this gateway","description_kind":"plain","computed":true},"cross_connect_router":{"type":"string","description":"Cross connect router","description_kind":"plain","computed":true},"gateway_vcs":{"type":["list",["object",{"created_at":"string","id":"string","name":"string","network_account":"string","network_id":"string","status":"string","type":"string"}]],"description":"Collection of direct link gateway virtual connections","description_kind":"plain","computed":true},"global":{"type":"bool","description":"Gateways with global routing (true) can connect to networks outside their associated region","description_kind":"plain","computed":true},"id":{"type":"string","description_kind":"plain","optional":true,"computed":true},"link_status":{"type":"string","description":"Gateway link status","description_kind":"plain","computed":true},"location_display_name":{"type":"string","description":"Gateway location long name","description_kind":"plain","computed":true},"location_name":{"type":"string","description":"Gateway location","description_kind":"plain","computed":true},"macsec_config":{"type":["list",["object",{"active":"bool","active_cak":"string","cipher_suite":"string","confidentiality_offset":"number","cryptographic_algorithm":"string","fallback_cak":"string","key_server_priority":"number","primary_cak":"string","sak_expiry_time":"number","security_policy":"string","status":"string","window_size":"number"}]],"description":"MACsec configuration information","description_kind":"plain","computed":true},"metered":{"type":"bool","description":"Metered billing option","description_kind":"plain","computed":true},"name":{"type":"string","description":"The unique user-defined name for this gateway","description_kind":"plain","required":true},"operational_status":{"type":"string","description":"Gateway operational status","description_kind":"plain","computed":true},"port":{"type":"string","description":"Gateway port","description_kind":"plain","computed":true},"provider_api_managed":{"type":"bool","description":"Indicates whether gateway was created through a provider portal","description_kind":"plain","computed":true},"resource_group":{"type":"string","description":"Gateway resource group","description_kind":"plain","computed":true},"speed_mbps":{"type":"number","description":"Gateway speed in megabits per second","description_kind":"plain","computed":true},"type":{"type":"string","description":"Gateway type","description_kind":"plain","computed":true},"vlan":{"type":"number","description":"VLAN allocated for this gateway","description_kind":"plain","computed":true}},"description_kind":"plain"}},"ibm_dl_gateways":{"version":0,"block":{"attributes":{"gateways":{"type":["list",["object",{"bgp_asn":"number","bgp_base_cidr":"string","bgp_cer_cidr":"string","bgp_ibm_asn":"number","bgp_ibm_cidr":"string","bgp_status":"string","change_request":"string","completion_notice_reject_reason":"string","created_at":"string","crn":"string","cross_connect_router":"string","global":"bool","id":"string","link_status":"string","location_display_name":"string","location_name":"string","macsec_config":["list",["object",{"active":"bool","active_cak":"string","cipher_suite":"string","confidentiality_offset":"number","cryptographic_algorithm":"string","fallback_cak":"string","key_server_priority":"number","primary_cak":"string","sak_expiry_time":"number","security_policy":"string","status":"string","window_size":"number"}]],"metered":"bool","name":"string","operational_status":"string","port":"string","provider_api_managed":"bool","resource_group":"string","speed_mbps":"number","type":"string","vlan":"number"}]],"description":"Collection of direct link gateways","description_kind":"plain","computed":true},"id":{"type":"string","description_kind":"plain","optional":true,"computed":true}},"description_kind":"plain"}},"ibm_dl_locations":{"version":0,"block":{"attributes":{"id":{"type":"string","description_kind":"plain","optional":true,"computed":true},"locations":{"type":["list",["object",{"billing_location":"string","building_colocation_owner":"string","display_name":"string","location_type":"string","macsec_enabled":"bool","market":"string","market_geography":"string","mzr":"bool","name":"string","offering_type":"string","provision_enabled":"bool","vpc_region":"string"}]],"description":"Collection of valid locations for the specified Direct Link offering.","description_kind":"plain","computed":true},"offering_type":{"type":"string","description":"The Direct Link offering type. Current supported values (dedicated and connect).","description_kind":"plain","required":true}},"description_kind":"plain"}},"ibm_dl_offering_speeds":{"version":0,"block":{"attributes":{"id":{"type":"string","description_kind":"plain","optional":true,"computed":true},"offering_speeds":{"type":["list",["object",{"capabilities":["list","string"],"link_speed":"number","macsec_enabled":"bool"}]],"description":"Collection of direct link speeds","description_kind":"plain","computed":true},"offering_type":{"type":"string","description":"The Direct Link offering type","description_kind":"plain","required":true}},"description_kind":"plain"}},"ibm_dl_port":{"version":0,"block":{"attributes":{"direct_link_count":{"type":"number","description":"Count of existing Direct Link gateways in this account on this port","description_kind":"plain","computed":true},"id":{"type":"string","description_kind":"plain","optional":true,"computed":true},"label":{"type":"string","description":"Port Label","description_kind":"plain","computed":true},"location_display_name":{"type":"string","description":"Port location long name","description_kind":"plain","computed":true},"location_name":{"type":"string","description":"Port location name identifier","description_kind":"plain","computed":true},"port_id":{"type":"string","description":"Port ID","description_kind":"plain","required":true},"provider_name":{"type":"string","description":"Port's provider name","description_kind":"plain","computed":true},"supported_link_speeds":{"type":["list","number"],"description":"Port's supported speeds in megabits per second","description_kind":"plain","computed":true}},"description_kind":"plain"}},"ibm_dl_ports":{"version":0,"block":{"attributes":{"id":{"type":"string","description_kind":"plain","optional":true,"computed":true},"location_name":{"type":"string","description":"Direct Link location short name","description_kind":"plain","optional":true},"ports":{"type":["list",["object",{"direct_link_count":"number","label":"string","location_display_name":"string","location_name":"string","port_id":"string","provider_name":"string","supported_link_speeds":["list","number"]}]],"description":"Collection of direct link ports","description_kind":"plain","computed":true}},"description_kind":"plain"}},"ibm_dl_provider_gateways":{"version":0,"block":{"attributes":{"gateways":{"type":["list",["object",{"bgp_asn":"number","bgp_cer_cidr":"string","bgp_ibm_asn":"number","bgp_ibm_cidr":"string","bgp_status":"string","change_request":"string","created_at":"string","crn":"string","customer_account_id":"string","id":"string","name":"string","operational_status":"string","port":"string","provider_api_managed":"bool","resource_group":"string","speed_mbps":"number","type":"string","vlan":"number"}]],"description":"Collection of direct link provider ports","description_kind":"plain","computed":true},"id":{"type":"string","description_kind":"plain","optional":true,"computed":true}},"description_kind":"plain"}},"ibm_dl_provider_ports":{"version":0,"block":{"attributes":{"id":{"type":"string","description_kind":"plain","optional":true,"computed":true},"ports":{"type":["list",["object",{"label":"string","location_display_name":"string","location_name":"string","port_id":"string","provider_name":"string","supported_link_speeds":["list","number"]}]],"description":"Collection of direct link provider ports","description_kind":"plain","computed":true}},"description_kind":"plain"}},"ibm_dl_routers":{"version":0,"block":{"attributes":{"cross_connect_routers":{"type":["list",["object",{"capabilities":["list","string"],"router_name":"string","total_connections":"number"}]],"description":"Collection of Direct Link cross connect routers","description_kind":"plain","computed":true},"id":{"type":"string","description_kind":"plain","optional":true,"computed":true},"location_name":{"type":"string","description":"The name of the Direct Link location","description_kind":"plain","required":true},"offering_type":{"type":"string","description":"The Direct Link offering type","description_kind":"plain","required":true}},"description_kind":"plain"}},"ibm_dns_domain":{"version":0,"block":{"attributes":{"id":{"type":"number","description":"A domain record's internal identifier","description_kind":"plain","computed":true},"name":{"type":"string","description":"The name of the domain","description_kind":"plain","required":true}},"description_kind":"plain"}},"ibm_dns_domain_registration":{"version":0,"block":{"attributes":{"id":{"type":"number","description":"A domain registration record's internal identifier","description_kind":"plain","computed":true},"name":{"type":"string","description":"The name of the domain registration","description_kind":"plain","required":true},"name_servers":{"type":["list","string"],"description":"Custom name servers for the domain registration","description_kind":"plain","computed":true}},"description_kind":"plain"}},"ibm_dns_glb_monitors":{"version":0,"block":{"attributes":{"dns_glb_monitors":{"type":["list",["object",{"allow_insecure":"bool","created_on":"string","description":"string","expected_body":"string","expected_codes":"string","interval":"number","method":"string","modified_on":"string","monitor_id":"string","name":"string","path":"string","port":"number","retries":"number","timeout":"number","type":"string"}]],"description":"Collection of GLB monitors collectors","description_kind":"plain","computed":true},"id":{"type":"string","description_kind":"plain","optional":true,"computed":true},"instance_id":{"type":"string","description":"The GUID of the private DNS. ","description_kind":"plain","required":true}},"description_kind":"plain"}},"ibm_dns_glb_pools":{"version":0,"block":{"attributes":{"dns_glb_pools":{"type":["list",["object",{"created_on":"string","description":"string","enabled":"bool","health":"string","healthcheck_region":"string","healthcheck_subnets":["list","string"],"healthy_origins_threshold":"number","modified_on":"string","monitor":"string","name":"string","notification_channel":"string","origins":["list",["object",{"address":"string","description":"string","enabled":"bool","health":"bool","health_failure_reason":"string","name":"string"}]],"pool_id":"string"}]],"description":"Collection of dns resource records","description_kind":"plain","computed":true},"id":{"type":"string","description_kind":"plain","optional":true,"computed":true},"instance_id":{"type":"string","description":"Instance ID","description_kind":"plain","required":true}},"description_kind":"plain"}},"ibm_dns_glbs":{"version":0,"block":{"attributes":{"dns_glbs":{"type":["list",["object",{"az_pools":["list",["object",{"availability_zone":"string","pools":["list","string"]}]],"created_on":"string","default_pools":["list","string"],"description":"string","enabled":"bool","fallback_pool":"string","glb_id":"string","health":"string","modified_on":"string","name":"string","ttl":"number"}]],"description":"Collection of GLB load balancer collectors","description_kind":"plain","computed":true},"id":{"type":"string","description_kind":"plain","optional":true,"computed":true},"instance_id":{"type":"string","description":"The GUID of the private DNS. ","description_kind":"plain","required":true},"zone_id":{"type":"string","description":"Zone GUID ","description_kind":"plain","required":true}},"description_kind":"plain"}},"ibm_dns_permitted_networks":{"version":0,"block":{"attributes":{"dns_permitted_networks":{"type":["list",["object",{"created_on":"string","instance_id":"string","modified_on":"string","permitted_network":["map","string"],"permitted_network_id":"string","state":"string","type":"string","zone_id":"string"}]],"description":"Collection of permitted networks","description_kind":"plain","computed":true},"id":{"type":"string","description_kind":"plain","optional":true,"computed":true},"instance_id":{"type":"string","description":"Instance ID","description_kind":"plain","required":true},"zone_id":{"type":"string","description":"Zone ID","description_kind":"plain","required":true}},"description_kind":"plain"}},"ibm_dns_resource_records":{"version":0,"block":{"attributes":{"dns_resource_records":{"type":["list",["object",{"id":"string","name":"string","rdata":"string","ttl":"number","type":"string"}]],"description":"Collection of dns resource records","description_kind":"plain","computed":true},"id":{"type":"string","description_kind":"plain","optional":true,"computed":true},"instance_id":{"type":"string","description":"Instance ID","description_kind":"plain","required":true},"zone_id":{"type":"string","description":"Zone Id","description_kind":"plain","required":true}},"description_kind":"plain"}},"ibm_dns_secondary":{"version":0,"block":{"attributes":{"id":{"type":"string","description_kind":"plain","optional":true,"computed":true},"master_ip_address":{"type":"string","description_kind":"plain","computed":true},"status_id":{"type":"number","description_kind":"plain","computed":true},"status_text":{"type":"string","description_kind":"plain","computed":true},"transfer_frequency":{"type":"number","description_kind":"plain","computed":true},"zone_name":{"type":"string","description":"The name of the secondary","description_kind":"plain","required":true}},"description_kind":"plain"}},"ibm_dns_zones":{"version":0,"block":{"attributes":{"dns_zones":{"type":["list",["object",{"created_on":"string","description":"string","instance_id":"string","label":"string","modified_on":"string","name":"string","state":"string","zone_id":"string"}]],"description":"Collection of dns zones","description_kind":"plain","computed":true},"id":{"type":"string","description_kind":"plain","optional":true,"computed":true},"instance_id":{"type":"string","description":"Instance ID","description_kind":"plain","required":true}},"description_kind":"plain"}},"ibm_enterprise_account_groups":{"version":0,"block":{"attributes":{"account_groups":{"type":["list",["object",{"created_at":"string","created_by":"string","crn":"string","enterprise_account_id":"string","enterprise_id":"string","enterprise_path":"string","id":"string","name":"string","parent":"string","primary_contact_email":"string","primary_contact_iam_id":"string","state":"string","updated_at":"string","updated_by":"string","url":"string"}]],"description":"A list of account groups.","description_kind":"plain","computed":true},"id":{"type":"string","description_kind":"plain","optional":true,"computed":true},"name":{"type":"string","description":"The name of the account group.","description_kind":"plain","optional":true}},"description_kind":"plain"}},"ibm_enterprise_accounts":{"version":0,"block":{"attributes":{"accounts":{"type":["list",["object",{"created_at":"string","created_by":"string","crn":"string","enterprise_account_id":"string","enterprise_id":"string","enterprise_path":"string","id":"string","is_enterprise_account":"bool","name":"string","owner_email":"string","owner_iam_id":"string","paid":"bool","parent":"string","state":"string","updated_at":"string","updated_by":"string","url":"string"}]],"description":"A list of accounts.","description_kind":"plain","computed":true},"id":{"type":"string","description_kind":"plain","optional":true,"computed":true},"name":{"type":"string","description":"The name of the account.","description_kind":"plain","optional":true}},"description_kind":"plain"}},"ibm_enterprises":{"version":0,"block":{"attributes":{"enterprises":{"type":["list",["object",{"created_at":"string","created_by":"string","crn":"string","domain":"string","enterprise_account_id":"string","id":"string","name":"string","primary_contact_email":"string","primary_contact_iam_id":"string","state":"string","updated_at":"string","updated_by":"string","url":"string"}]],"description":"A list of enterprise objects.","description_kind":"plain","computed":true},"id":{"type":"string","description_kind":"plain","optional":true,"computed":true},"name":{"type":"string","description":"The name of the enterprise.","description_kind":"plain","optional":true}},"description_kind":"plain"}},"ibm_event_streams_topic":{"version":0,"block":{"attributes":{"config":{"type":["map","string"],"description":"The configuration parameters of the topic.","description_kind":"plain","computed":true},"id":{"type":"string","description_kind":"plain","optional":true,"computed":true},"kafka_brokers_sasl":{"type":["list","string"],"description":"Kafka brokers addresses for interacting with Kafka native API","description_kind":"plain","computed":true},"kafka_http_url":{"type":"string","description":"The API endpoint for interacting with Event Streams REST API","description_kind":"plain","computed":true},"name":{"type":"string","description":"The name of the topic","description_kind":"plain","required":true},"partitions":{"type":"number","description":"The number of partitions of the topic","description_kind":"plain","computed":true},"resource_instance_id":{"type":"string","description":"The CRN of the Event Streams instance","description_kind":"plain","required":true}},"description_kind":"plain"}},"ibm_function_action":{"version":0,"block":{"attributes":{"action_id":{"type":"string","description_kind":"plain","computed":true},"annotations":{"type":"string","description":"All annotations set on action by user and those set by the IBM Cloud Function backend/API.","description_kind":"plain","computed":true},"exec":{"type":["list",["object",{"code":"string","components":["list","string"],"image":"string","init":"string","kind":"string","main":"string"}]],"description_kind":"plain","computed":true},"id":{"type":"string","description_kind":"plain","optional":true,"computed":true},"limits":{"type":["list",["object",{"log_size":"number","memory":"number","timeout":"number"}]],"description_kind":"plain","computed":true},"name":{"type":"string","description":"Name of action.","description_kind":"plain","required":true},"namespace":{"type":"string","description":"Name of the namespace.","description_kind":"plain","required":true},"parameters":{"type":"string","description":"All paramters set on action by user and those set by the IBM Cloud Function backend/API.","description_kind":"plain","computed":true},"publish":{"type":"bool","description":"Action visibilty.","description_kind":"plain","computed":true},"target_endpoint_url":{"type":"string","description":"Action target endpoint URL.","description_kind":"plain","computed":true},"version":{"type":"string","description":"Semantic version of the item.","description_kind":"plain","computed":true}},"description_kind":"plain"}},"ibm_function_namespace":{"version":0,"block":{"attributes":{"description":{"type":"string","description":"Namespace Description.","description_kind":"plain","computed":true},"id":{"type":"string","description_kind":"plain","optional":true,"computed":true},"location":{"type":"string","description":"Namespace Location.","description_kind":"plain","computed":true},"name":{"type":"string","description":"Name of namespace.","description_kind":"plain","required":true},"resource_group_id":{"type":"string","description":"Resource Group ID.","description_kind":"plain","computed":true}},"description_kind":"plain"}},"ibm_function_package":{"version":0,"block":{"attributes":{"annotations":{"type":"string","description":"All annotations set on package by user and those set by the IBM Cloud Function backend/API.","description_kind":"plain","computed":true},"bind_package_name":{"type":"string","description":"Name of binded package.","description_kind":"plain","computed":true},"id":{"type":"string","description_kind":"plain","optional":true,"computed":true},"name":{"type":"string","description":"Name of the package.","description_kind":"plain","required":true},"namespace":{"type":"string","description":"Name of the namespace.","description_kind":"plain","required":true},"package_id":{"type":"string","description_kind":"plain","computed":true},"parameters":{"type":"string","description":"All parameters set on package by user and those set by the IBM Cloud Function backend/API.","description_kind":"plain","computed":true},"publish":{"type":"bool","description":"Package Visibility.","description_kind":"plain","computed":true},"version":{"type":"string","description":"Semantic version of the package.","description_kind":"plain","computed":true}},"description_kind":"plain"}},"ibm_function_rule":{"version":0,"block":{"attributes":{"action_name":{"type":"string","description":"Name of an action.","description_kind":"plain","computed":true},"id":{"type":"string","description_kind":"plain","optional":true,"computed":true},"name":{"type":"string","description":"Name of the rule.","description_kind":"plain","required":true},"namespace":{"type":"string","description":"Name of the namespace.","description_kind":"plain","required":true},"publish":{"type":"bool","description":"Rule Visibility.","description_kind":"plain","computed":true},"rule_id":{"type":"string","description_kind":"plain","computed":true},"status":{"type":"string","description":"Status of the rule.","description_kind":"plain","computed":true},"trigger_name":{"type":"string","description":"Name of the trigger.","description_kind":"plain","computed":true},"version":{"type":"string","description":"Semantic version of the rule","description_kind":"plain","computed":true}},"description_kind":"plain"}},"ibm_function_trigger":{"version":0,"block":{"attributes":{"annotations":{"type":"string","description":"All annotations set on trigger by user and those set by the IBM Cloud Function backend/API.","description_kind":"plain","computed":true},"id":{"type":"string","description_kind":"plain","optional":true,"computed":true},"name":{"type":"string","description":"Name of Trigger.","description_kind":"plain","required":true},"namespace":{"type":"string","description":"Name of the namespace.","description_kind":"plain","required":true},"parameters":{"type":"string","description":"All parameters set on trigger by user and those set by the IBM Cloud Function backend/API.","description_kind":"plain","computed":true},"publish":{"type":"bool","description":"Trigger Visibility.","description_kind":"plain","computed":true},"trigger_id":{"type":"string","description_kind":"plain","computed":true},"version":{"type":"string","description":"Semantic version of the trigger.","description_kind":"plain","computed":true}},"description_kind":"plain"}},"ibm_iam_access_group":{"version":0,"block":{"attributes":{"access_group_name":{"type":"string","description":"Name of the access group","description_kind":"plain","optional":true},"groups":{"type":["list",["object",{"description":"string","iam_service_ids":["list","string"],"ibm_ids":["list","string"],"id":"string","name":"string","rules":["list",["object",{"conditions":["list",["object",{"claim":"string","operator":"string","value":"string"}]],"expiration":"number","identity_provider":"string","name":"string","rule_id":"string"}]]}]],"description_kind":"plain","computed":true},"id":{"type":"string","description_kind":"plain","optional":true,"computed":true}},"description_kind":"plain"}},"ibm_iam_account_settings":{"version":0,"block":{"attributes":{"account_id":{"type":"string","description":"Unique ID of the account.","description_kind":"plain","computed":true},"allowed_ip_addresses":{"type":"string","description":"Defines the IP addresses and subnets from which IAM tokens can be created for the account.","description_kind":"plain","computed":true},"entity_tag":{"type":"string","description":"Version of the account settings.","description_kind":"plain","computed":true},"history":{"type":["list",["object",{"action":"string","iam_id":"string","iam_id_account":"string","message":"string","params":["list","string"],"timestamp":"string"}]],"description":"History of the Account Settings.","description_kind":"plain","computed":true},"id":{"type":"string","description_kind":"plain","optional":true,"computed":true},"include_history":{"type":"bool","description":"Defines if the entity history is included in the response.","description_kind":"plain","optional":true},"max_sessions_per_identity":{"type":"string","description":"Defines the max allowed sessions per identity required by the account. Value values: * Any whole number greater than '0'   * NOT_SET - To unset account setting and use service default.","description_kind":"plain","computed":true},"mfa":{"type":"string","description":"Defines the MFA trait for the account. Valid values:  * NONE - No MFA trait set  * TOTP - For all non-federated IBMId users  * TOTP4ALL - For all users  * LEVEL1 - Email-based MFA for all users  * LEVEL2 - TOTP-based MFA for all users  * LEVEL3 - U2F MFA for all users.","description_kind":"plain","computed":true},"restrict_create_platform_apikey":{"type":"string","description":"Defines whether or not creating platform API keys is access controlled. Valid values:  * RESTRICTED - to apply access control  * NOT_RESTRICTED - to remove access control  * NOT_SET - to 'unset' a previous set value.","description_kind":"plain","computed":true},"restrict_create_service_id":{"type":"string","description":"Defines whether or not creating a Service Id is access controlled. Valid values:  * RESTRICTED - to apply access control  * NOT_RESTRICTED - to remove access control  * NOT_SET - to 'unset' a previous set value.","description_kind":"plain","computed":true},"session_expiration_in_seconds":{"type":"string","description":"Defines the session expiration in seconds for the account. Valid values:  * Any whole number between between '900' and '86400'  * NOT_SET - To unset account setting and use service default.","description_kind":"plain","computed":true},"session_invalidation_in_seconds":{"type":"string","description":"Defines the period of time in seconds in which a session will be invalidated due  to inactivity. Valid values:   * Any whole number between '900' and '7200'   * NOT_SET - To unset account setting and use service default.","description_kind":"plain","computed":true}},"description_kind":"plain"}},"ibm_iam_api_key":{"version":0,"block":{"attributes":{"account_id":{"type":"string","description":"ID of the account that this API key authenticates for.","description_kind":"plain","computed":true},"apikey":{"type":"string","description":"The API key value. This property only contains the API key value for the following cases: create an API key, update a service ID API key that stores the API key value as retrievable, or get a service ID API key that stores the API key value as retrievable. All other operations don't return the API key value, for example all user API key related operations, except for create, don't contain the API key value.","description_kind":"plain","computed":true},"apikey_id":{"type":"string","description":"Unique ID of the API key.","description_kind":"plain","required":true},"created_at":{"type":"string","description":"If set contains a date time string of the creation date in ISO format.","description_kind":"plain","computed":true},"created_by":{"type":"string","description":"IAM ID of the user or service which created the API key.","description_kind":"plain","computed":true},"crn":{"type":"string","description":"Cloud Resource Name of the item. Example Cloud Resource Name: 'crn:v1:bluemix:public:iam-identity:us-south:a/myaccount::apikey:1234-9012-5678'.","description_kind":"plain","computed":true},"description":{"type":"string","description":"The optional description of the API key. The 'description' property is only available if a description was provided during a create of an API key.","description_kind":"plain","computed":true},"entity_tag":{"type":"string","description":"Version of the API Key details object. You need to specify this value when updating the API key to avoid stale updates.","description_kind":"plain","computed":true},"iam_id":{"type":"string","description":"The iam_id that this API key authenticates.","description_kind":"plain","computed":true},"id":{"type":"string","description_kind":"plain","optional":true,"computed":true},"locked":{"type":"bool","description":"The API key cannot be changed if set to true.","description_kind":"plain","computed":true},"modified_at":{"type":"string","description":"If set contains a date time string of the last modification date in ISO format.","description_kind":"plain","computed":true},"name":{"type":"string","description":"Name of the API key. The name is not checked for uniqueness. Therefore multiple names with the same value can exist. Access is done via the UUID of the API key.","description_kind":"plain","computed":true}},"description_kind":"plain"}},"ibm_iam_auth_token":{"version":0,"block":{"attributes":{"iam_access_token":{"type":"string","description_kind":"plain","computed":true},"iam_refresh_token":{"type":"string","description_kind":"plain","computed":true},"id":{"type":"string","description_kind":"plain","optional":true,"computed":true},"uaa_access_token":{"type":"string","description_kind":"plain","computed":true},"uaa_refresh_token":{"type":"string","description_kind":"plain","computed":true}},"description_kind":"plain"}},"ibm_iam_role_actions":{"version":0,"block":{"attributes":{"id":{"type":"string","description_kind":"plain","optional":true,"computed":true},"manager":{"type":["list","string"],"description":"manager action ids","description_kind":"plain","computed":true},"reader":{"type":["list","string"],"description":"Reader action ids","description_kind":"plain","computed":true},"reader_plus":{"type":["list","string"],"description":"readerplus action ids","description_kind":"plain","computed":true},"service":{"type":"string","description":"The Service Name","description_kind":"plain","required":true},"writer":{"type":["list","string"],"description":"writer action ids","description_kind":"plain","computed":true}},"description_kind":"plain"}},"ibm_iam_roles":{"version":0,"block":{"attributes":{"id":{"type":"string","description_kind":"plain","optional":true,"computed":true},"roles":{"type":["list",["object",{"description":"string","name":"string","type":"string"}]],"description_kind":"plain","computed":true},"service":{"type":"string","description":"The Service Name","description_kind":"plain","optional":true}},"description_kind":"plain"}},"ibm_iam_service_id":{"version":0,"block":{"attributes":{"id":{"type":"string","description_kind":"plain","optional":true,"computed":true},"name":{"type":"string","description":"Name of the serviceID","description_kind":"plain","required":true},"service_ids":{"type":["list",["object",{"bound_to":"string","crn":"string","description":"string","iam_id":"string","id":"string","locked":"bool","version":"string"}]],"description_kind":"plain","computed":true}},"description_kind":"plain"}},"ibm_iam_service_policy":{"version":0,"block":{"attributes":{"iam_id":{"type":"string","description":"IAM ID of ServiceID","description_kind":"plain","optional":true},"iam_service_id":{"type":"string","description":"UUID of ServiceID","description_kind":"plain","optional":true},"id":{"type":"string","description_kind":"plain","optional":true,"computed":true},"policies":{"type":["list",["object",{"id":"string","resources":["list",["object",{"region":"string","resource":"string","resource_group_id":"string","resource_instance_id":"string","resource_type":"string","service":"string"}]],"roles":["list","string"]}]],"description_kind":"plain","computed":true},"sort":{"type":"string","description":"Sort query for policies","description_kind":"plain","optional":true}},"description_kind":"plain"}},"ibm_iam_user_policy":{"version":0,"block":{"attributes":{"ibm_id":{"type":"string","description":"The ibm id or email of user","description_kind":"plain","required":true},"id":{"type":"string","description_kind":"plain","optional":true,"computed":true},"policies":{"type":["list",["object",{"id":"string","resources":["list",["object",{"region":"string","resource":"string","resource_group_id":"string","resource_instance_id":"string","resource_type":"string","service":"string"}]],"roles":["list","string"]}]],"description_kind":"plain","computed":true},"sort":{"type":"string","description":"Sort query for policies","description_kind":"plain","optional":true}},"description_kind":"plain"}},"ibm_iam_user_profile":{"version":0,"block":{"attributes":{"account_id":{"type":"string","description":"An alphanumeric value identifying the account ID. ","description_kind":"plain","computed":true},"allowed_ip_addresses":{"type":["list","string"],"description":"List of allowed IPv4 or IPv6 addresses ","description_kind":"plain","computed":true},"altphonenumber":{"type":"string","description":"The alternative phone number of the user. ","description_kind":"plain","computed":true},"email":{"type":"string","description":"The email of the user. ","description_kind":"plain","computed":true},"firstname":{"type":"string","description":"The first name of the user. ","description_kind":"plain","computed":true},"iam_id":{"type":"string","description":"User's IAM ID or or email of user","description_kind":"plain","required":true},"id":{"type":"string","description_kind":"plain","optional":true,"computed":true},"lastname":{"type":"string","description":"The last name of the user. ","description_kind":"plain","computed":true},"phonenumber":{"type":"string","description":"The phone for the user.","description_kind":"plain","computed":true},"state":{"type":"string","description":"The state of the user. Possible values are PROCESSING, PENDING, ACTIVE, DISABLED_CLASSIC_INFRASTRUCTURE, and VPN_ONLY. ","description_kind":"plain","computed":true},"user_id":{"type":"string","description":"The user ID used for login. ","description_kind":"plain","computed":true}},"description_kind":"plain"}},"ibm_iam_users":{"version":0,"block":{"attributes":{"id":{"type":"string","description_kind":"plain","optional":true,"computed":true},"users":{"type":["list",["object",{"account_id":"string","alt_phonenumber":"string","email":"string","first_name":"string","iam_id":"string","last_name":"string","phonenumber":"string","realm":"string","state":"string","user_id":"string"}]],"description":"User's Profiles","description_kind":"plain","computed":true}},"description_kind":"plain"}},"ibm_is_dedicated_host":{"version":0,"block":{"attributes":{"available_memory":{"type":"number","description":"The amount of memory in gibibytes that is currently available for instances.","description_kind":"plain","computed":true},"available_vcpu":{"type":["list",["object",{"architecture":"string","count":"number"}]],"description":"The available VCPU for the dedicated host.","description_kind":"plain","computed":true},"created_at":{"type":"string","description":"The date and time that the dedicated host was created.","description_kind":"plain","computed":true},"crn":{"type":"string","description":"The CRN for this dedicated host.","description_kind":"plain","computed":true},"disks":{"type":["list",["object",{"available":"number","created_at":"string","href":"string","id":"string","instance_disks":["list",["object",{"deleted":["list",["object",{"more_info":"string"}]],"href":"string","id":"string","name":"string","resource_type":"string"}]],"interface_type":"string","lifecycle_state":"string","name":"string","provisionable":"bool","resource_type":"string","size":"number","supported_instance_interface_types":["list","string"]}]],"description":"Collection of the dedicated host's disks.","description_kind":"plain","computed":true},"host_group":{"type":"string","description":"The unique identifier of the dedicated host group this dedicated host belongs to","description_kind":"plain","required":true},"href":{"type":"string","description":"The URL for this dedicated host.","description_kind":"plain","computed":true},"id":{"type":"string","description_kind":"plain","optional":true,"computed":true},"instance_placement_enabled":{"type":"bool","description":"If set to true, instances can be placed on this dedicated host.","description_kind":"plain","computed":true},"instances":{"type":["list",["object",{"crn":"string","deleted":["list",["object",{"more_info":"string"}]],"href":"string","id":"string","name":"string"}]],"description":"Array of instances that are allocated to this dedicated host.","description_kind":"plain","computed":true},"lifecycle_state":{"type":"string","description":"The lifecycle state of the dedicated host resource.","description_kind":"plain","computed":true},"memory":{"type":"number","description":"The total amount of memory in gibibytes for this host.","description_kind":"plain","computed":true},"name":{"type":"string","description":"The unique name of this dedicated host","description_kind":"plain","required":true},"profile":{"type":["list",["object",{"href":"string","name":"string"}]],"description":"The profile this dedicated host uses.","description_kind":"plain","computed":true},"provisionable":{"type":"bool","description":"Indicates whether this dedicated host is available for instance creation.","description_kind":"plain","computed":true},"resource_group":{"type":"string","description":"The unique identifier of the resource group this dedicated host belongs to","description_kind":"plain","optional":true,"computed":true},"resource_type":{"type":"string","description":"The type of resource referenced.","description_kind":"plain","computed":true},"socket_count":{"type":"number","description":"The total number of sockets for this host.","description_kind":"plain","computed":true},"state":{"type":"string","description":"The administrative state of the dedicated host.The enumerated values for this property are expected to expand in the future. When processing this property, check for and log unknown values. Optionally halt processing and surface the error, or bypass the dedicated host on which the unexpected property value was encountered.","description_kind":"plain","computed":true},"supported_instance_profiles":{"type":["list",["object",{"href":"string","name":"string"}]],"description":"Array of instance profiles that can be used by instances placed on this dedicated host.","description_kind":"plain","computed":true},"vcpu":{"type":["list",["object",{"architecture":"string","count":"number"}]],"description":"The total VCPU of the dedicated host.","description_kind":"plain","computed":true},"zone":{"type":"string","description":"The globally unique name of the zone this dedicated host resides in.","description_kind":"plain","computed":true}},"description_kind":"plain"}},"ibm_is_dedicated_host_disk":{"version":0,"block":{"attributes":{"available":{"type":"number","description":"The remaining space left for instance placement in GB (gigabytes).","description_kind":"plain","computed":true},"created_at":{"type":"string","description":"The date and time that the disk was created.","description_kind":"plain","computed":true},"dedicated_host":{"type":"string","description":"The dedicated host identifier.","description_kind":"plain","required":true},"disk":{"type":"string","description":"The dedicated host disk identifier.","description_kind":"plain","required":true},"href":{"type":"string","description":"The URL for this disk.","description_kind":"plain","computed":true},"id":{"type":"string","description_kind":"plain","optional":true,"computed":true},"instance_disks":{"type":["list",["object",{"deleted":["list",["object",{"more_info":"string"}]],"href":"string","id":"string","name":"string","resource_type":"string"}]],"description":"Instance disks that are on this dedicated host disk.","description_kind":"plain","computed":true},"interface_type":{"type":"string","description":"The disk interface used for attaching the diskThe enumerated values for this property are expected to expand in the future. When processing this property, check for and log unknown values. Optionally halt processing and surface the error, or bypass the resource on which the unexpected property value was encountered.","description_kind":"plain","computed":true},"lifecycle_state":{"type":"string","description":"The lifecycle state of this dedicated host disk.","description_kind":"plain","computed":true},"name":{"type":"string","description":"The user-defined or system-provided name for this disk.","description_kind":"plain","computed":true},"provisionable":{"type":"bool","description":"Indicates whether this dedicated host disk is available for instance disk creation.","description_kind":"plain","computed":true},"resource_type":{"type":"string","description":"The type of resource referenced.","description_kind":"plain","computed":true},"size":{"type":"number","description":"The size of the disk in GB (gigabytes).","description_kind":"plain","computed":true},"supported_instance_interface_types":{"type":["list","string"],"description":"The instance disk interfaces supported for this dedicated host disk.","description_kind":"plain","computed":true}},"description_kind":"plain"}},"ibm_is_dedicated_host_disks":{"version":0,"block":{"attributes":{"dedicated_host":{"type":"string","description":"The dedicated host identifier.","description_kind":"plain","required":true},"disks":{"type":["list",["object",{"available":"number","created_at":"string","href":"string","id":"string","instance_disks":["list",["object",{"deleted":["list",["object",{"more_info":"string"}]],"href":"string","id":"string","name":"string","resource_type":"string"}]],"interface_type":"string","lifecycle_state":"string","name":"string","provisionable":"bool","resource_type":"string","size":"number","supported_instance_interface_types":["list","string"]}]],"description":"Collection of the dedicated host's disks.","description_kind":"plain","computed":true},"id":{"type":"string","description_kind":"plain","optional":true,"computed":true}},"description_kind":"plain"}},"ibm_is_dedicated_host_group":{"version":0,"block":{"attributes":{"class":{"type":"string","description":"The dedicated host profile class for hosts in this group.","description_kind":"plain","computed":true},"created_at":{"type":"string","description":"The date and time that the dedicated host group was created.","description_kind":"plain","computed":true},"crn":{"type":"string","description":"The CRN for this dedicated host group.","description_kind":"plain","computed":true},"dedicated_hosts":{"type":["list",["object",{"crn":"string","deleted":["list",["object",{"more_info":"string"}]],"href":"string","id":"string","name":"string","resource_type":"string"}]],"description":"The dedicated hosts that are in this dedicated host group.","description_kind":"plain","computed":true},"family":{"type":"string","description":"The dedicated host profile family for hosts in this group.","description_kind":"plain","computed":true},"href":{"type":"string","description":"The URL for this dedicated host group.","description_kind":"plain","computed":true},"id":{"type":"string","description_kind":"plain","optional":true,"computed":true},"name":{"type":"string","description":"The unique user-defined name for this dedicated host. If unspecified, the name will be a hyphenated list of randomly-selected words.","description_kind":"plain","required":true},"resource_group":{"type":"string","description":"The unique identifier of the resource group for this dedicated host group.","description_kind":"plain","computed":true},"resource_type":{"type":"string","description":"The type of resource referenced.","description_kind":"plain","computed":true},"supported_instance_profiles":{"type":["list",["object",{"href":"string","name":"string"}]],"description":"Array of instance profiles that can be used by instances placed on this dedicated host group.","description_kind":"plain","computed":true},"zone":{"type":"string","description":"The globally unique name of the zone this dedicated host group resides in.","description_kind":"plain","computed":true}},"description_kind":"plain"}},"ibm_is_dedicated_host_groups":{"version":0,"block":{"attributes":{"first":{"type":["list",["object",{"href":"string"}]],"description":"A link to the first page of resources.","description_kind":"plain","computed":true},"host_groups":{"type":["list",["object",{"class":"string","created_at":"string","crn":"string","dedicated_hosts":["list",["object",{"crn":"string","deleted":["list",["object",{"more_info":"string"}]],"href":"string","id":"string","name":"string","resource_type":"string"}]],"family":"string","href":"string","id":"string","name":"string","resource_group":"string","resource_type":"string","supported_instance_profiles":["list",["object",{"href":"string","name":"string"}]],"zone":"string"}]],"description":"Collection of dedicated host groups.","description_kind":"plain","computed":true},"id":{"type":"string","description_kind":"plain","optional":true,"computed":true},"limit":{"type":"number","description":"The maximum number of resources that can be returned by the request.","description_kind":"plain","computed":true},"next":{"type":["list",["object",{"href":"string"}]],"description":"A link to the next page of resources. This property is present for all pagesexcept the last page.","description_kind":"plain","computed":true},"total_count":{"type":"number","description":"The total number of resources across all pages.","description_kind":"plain","computed":true}},"description_kind":"plain"}},"ibm_is_dedicated_host_profile":{"version":0,"block":{"attributes":{"class":{"type":"string","description":"The product class this dedicated host profile belongs to.","description_kind":"plain","computed":true},"disks":{"type":["list",["object",{"interface_type":["list",["object",{"type":"string","value":"string"}]],"quantity":["list",["object",{"type":"string","value":"number"}]],"size":["list",["object",{"type":"string","value":"number"}]],"supported_instance_interface_types":["list",["object",{"type":"string","value":["list","string"]}]]}]],"description":"Collection of the dedicated host profile's disks.","description_kind":"plain","computed":true},"family":{"type":"string","description":"The product family this dedicated host profile belongs toThe enumerated values for this property are expected to expand in the future. When processing this property, check for and log unknown values. Optionally halt processing and surface the error, or bypass the resource on which the unexpected property value was encountered.","description_kind":"plain","computed":true},"href":{"type":"string","description":"The URL for this dedicated host.","description_kind":"plain","computed":true},"id":{"type":"string","description_kind":"plain","optional":true,"computed":true},"memory":{"type":["list",["object",{"default":"number","max":"number","min":"number","step":"number","type":"string","value":"number","values":["list","number"]}]],"description_kind":"plain","computed":true},"name":{"type":"string","description":"The globally unique name for this virtual server instance profile.","description_kind":"plain","optional":true},"socket_count":{"type":["list",["object",{"default":"number","max":"number","min":"number","step":"number","type":"string","value":"number","values":["list","number"]}]],"description_kind":"plain","computed":true},"supported_instance_profiles":{"type":["list",["object",{"href":"string","name":"string"}]],"description":"Array of instance profiles that can be used by instances placed on dedicated hosts with this profile.","description_kind":"plain","computed":true},"vcpu_architecture":{"type":["list",["object",{"type":"string","value":"string"}]],"description_kind":"plain","computed":true},"vcpu_count":{"type":["list",["object",{"default":"number","max":"number","min":"number","step":"number","type":"string","value":"number","values":["list","number"]}]],"description_kind":"plain","computed":true}},"description_kind":"plain"}},"ibm_is_dedicated_host_profiles":{"version":0,"block":{"attributes":{"first":{"type":["list",["object",{"href":"string"}]],"description":"A link to the first page of resources.","description_kind":"plain","computed":true},"id":{"type":"string","description_kind":"plain","optional":true,"computed":true},"limit":{"type":"number","description":"The maximum number of resources that can be returned by the request.","description_kind":"plain","computed":true},"next":{"type":["list",["object",{"href":"string"}]],"description":"A link to the next page of resources. This property is present for all pagesexcept the last page.","description_kind":"plain","computed":true},"profiles":{"type":["list",["object",{"class":"string","disks":["list",["object",{"interface_type":["list",["object",{"type":"string","value":"string"}]],"quantity":["list",["object",{"type":"string","value":"number"}]],"size":["list",["object",{"type":"string","value":"number"}]],"supported_instance_interface_types":["list",["object",{"type":"string","value":["list","string"]}]]}]],"family":"string","href":"string","memory":["list",["object",{"default":"number","max":"number","min":"number","step":"number","type":"string","value":"number","values":["list","number"]}]],"name":"string","socket_count":["list",["object",{"default":"number","max":"number","min":"number","step":"number","type":"string","value":"number","values":["list","number"]}]],"supported_instance_profiles":["list",["object",{"href":"string","name":"string"}]],"vcpu_architecture":["list",["object",{"type":"string","value":"string"}]],"vcpu_count":["list",["object",{"default":"number","max":"number","min":"number","step":"number","type":"string","value":"number","values":["list","number"]}]]}]],"description":"Collection of dedicated host profiles.","description_kind":"plain","computed":true},"total_count":{"type":"number","description":"The total number of resources across all pages.","description_kind":"plain","computed":true}},"description_kind":"plain"}},"ibm_is_dedicated_hosts":{"version":0,"block":{"attributes":{"dedicated_hosts":{"type":["list",["object",{"available_memory":"number","available_vcpu":["list",["object",{"architecture":"string","count":"number"}]],"created_at":"string","crn":"string","disks":["list",["object",{"available":"number","created_at":"string","href":"string","id":"string","instance_disks":["list",["object",{"deleted":["list",["object",{"more_info":"string"}]],"href":"string","id":"string","name":"string","resource_type":"string"}]],"interface_type":"string","lifecycle_state":"string","name":"string","provisionable":"bool","resource_type":"string","size":"number","supported_instance_interface_types":["list","string"]}]],"host_group":"string","href":"string","id":"string","instance_placement_enabled":"bool","instances":["list",["object",{"crn":"string","deleted":["list",["object",{"more_info":"string"}]],"href":"string","id":"string","name":"string"}]],"lifecycle_state":"string","memory":"number","name":"string","profile":["list",["object",{"href":"string","name":"string"}]],"provisionable":"bool","resource_group":"string","resource_type":"string","socket_count":"number","state":"string","supported_instance_profiles":["list",["object",{"href":"string","name":"string"}]],"vcpu":["list",["object",{"architecture":"string","count":"number"}]],"zone":"string"}]],"description":"Collection of dedicated hosts.","description_kind":"plain","computed":true},"first":{"type":["list",["object",{"href":"string"}]],"description":"A link to the first page of resources.","description_kind":"plain","computed":true},"host_group":{"type":"string","description":"The unique identifier of the dedicated host group this dedicated host belongs to","description_kind":"plain","optional":true},"id":{"type":"string","description_kind":"plain","optional":true,"computed":true},"limit":{"type":"number","description":"The maximum number of resources that can be returned by the request.","description_kind":"plain","computed":true},"next":{"type":["list",["object",{"href":"string"}]],"description":"A link to the next page of resources. This property is present for all pagesexcept the last page.","description_kind":"plain","computed":true},"total_count":{"type":"number","description":"The total number of resources across all pages.","description_kind":"plain","computed":true}},"description_kind":"plain"}},"ibm_is_endpoint_gateway_targets":{"version":0,"block":{"attributes":{"id":{"type":"string","description_kind":"plain","optional":true,"computed":true},"resources":{"type":["list",["object",{"crn":"string","endpoint_type":"string","full_qualified_domain_names":["set","string"],"location":"string","name":"string","parent":"string","resource_type":"string"}]],"description":"List of resources","description_kind":"plain","computed":true}},"description_kind":"plain"}},"ibm_is_floating_ip":{"version":0,"block":{"attributes":{"address":{"type":"string","description":"Floating IP address","description_kind":"plain","computed":true},"id":{"type":"string","description_kind":"plain","optional":true,"computed":true},"name":{"type":"string","description":"Name of the floating IP","description_kind":"plain","required":true},"status":{"type":"string","description":"Floating IP status","description_kind":"plain","computed":true},"tags":{"type":["set","string"],"description":"Floating IP tags","description_kind":"plain","computed":true},"target":{"type":"string","description":"Target info","description_kind":"plain","computed":true},"zone":{"type":"string","description":"Zone name","description_kind":"plain","computed":true}},"description_kind":"plain"}},"ibm_is_flow_logs":{"version":0,"block":{"attributes":{"flow_log_collectors":{"type":["list",["object",{"active":"bool","created_at":"string","crn":"string","href":"string","id":"string","lifecycle_state":"string","name":"string","resource_group":"string","storage_bucket":"string","target":"string","vpc":"string"}]],"description":"Collection of flow log collectors","description_kind":"plain","computed":true},"id":{"type":"string","description_kind":"plain","optional":true,"computed":true}},"description_kind":"plain"}},"ibm_is_image":{"version":0,"block":{"attributes":{"architecture":{"type":"string","description":"The operating system architecture","description_kind":"plain","computed":true},"checksum":{"type":"string","description":"The SHA256 Checksum for this image","description_kind":"plain","computed":true},"crn":{"type":"string","description":"The CRN for this image","description_kind":"plain","computed":true},"encryption":{"type":"string","description":"The type of encryption used on the image","description_kind":"plain","computed":true},"encryption_key":{"type":"string","description":"The CRN of the Key Protect Root Key or Hyper Protect Crypto Service Root Key for this resource","description_kind":"plain","computed":true},"id":{"type":"string","description_kind":"plain","optional":true,"computed":true},"name":{"type":"string","description":"Image name","description_kind":"plain","required":true},"os":{"type":"string","description":"Image Operating system","description_kind":"plain","computed":true},"status":{"type":"string","description":"The status of this image","description_kind":"plain","computed":true},"visibility":{"type":"string","description":"Whether the image is publicly visible or private to the account","description_kind":"plain","optional":true}},"description_kind":"plain"}},"ibm_is_images":{"version":0,"block":{"attributes":{"id":{"type":"string","description_kind":"plain","optional":true,"computed":true},"images":{"type":["list",["object",{"architecture":"string","checksum":"string","crn":"string","encryption":"string","encryption_key":"string","id":"string","name":"string","os":"string","status":"string","visibility":"string"}]],"description":"List of images","description_kind":"plain","computed":true}},"description_kind":"plain"}},"ibm_is_instance":{"version":0,"block":{"attributes":{"boot_volume":{"type":["list",["object",{"device":"string","id":"string","name":"string","volume_crn":"string","volume_id":"string","volume_name":"string"}]],"description":"Instance Boot Volume","description_kind":"plain","computed":true},"disks":{"type":["list",["object",{"created_at":"string","href":"string","id":"string","interface_type":"string","name":"string","resource_type":"string","size":"number"}]],"description":"Collection of the instance's disks.","description_kind":"plain","computed":true},"gpu":{"type":["list",["object",{"cores":"number","count":"number","manufacturer":"string","memory":"number","model":"string"}]],"description":"Instance GPU","description_kind":"plain","deprecated":true,"computed":true},"id":{"type":"string","description_kind":"plain","optional":true,"computed":true},"image":{"type":"string","description":"Instance Image","description_kind":"plain","computed":true},"keys":{"type":["list",["object",{"id":"string","name":"string"}]],"description":"Instance keys","description_kind":"plain","computed":true},"memory":{"type":"number","description":"Instance memory","description_kind":"plain","computed":true},"name":{"type":"string","description":"Instance name","description_kind":"plain","required":true},"network_interfaces":{"type":["list",["object",{"id":"string","name":"string","primary_ipv4_address":"string","security_groups":["set","string"],"subnet":"string"}]],"description":"Instance Network interface info","description_kind":"plain","computed":true},"passphrase":{"type":"string","description":"Passphrase for Instance Private Key file","description_kind":"plain","optional":true,"sensitive":true},"password":{"type":"string","description":"password for Windows Instance","description_kind":"plain","computed":true,"sensitive":true},"primary_network_interface":{"type":["list",["object",{"id":"string","name":"string","port_speed":"number","primary_ipv4_address":"string","security_groups":["set","string"],"subnet":"string"}]],"description":"Primary Network interface info","description_kind":"plain","computed":true},"private_key":{"type":"string","description":"Instance Private Key file","description_kind":"plain","optional":true},"profile":{"type":"string","description":"Profile info","description_kind":"plain","computed":true},"resource_controller_url":{"type":"string","description":"The URL of the IBM Cloud dashboard that can be used to explore and view details about this instance","description_kind":"plain","computed":true},"resource_crn":{"type":"string","description":"The crn of the resource","description_kind":"plain","computed":true},"resource_group":{"type":"string","description":"Instance resource group","description_kind":"plain","computed":true},"resource_group_name":{"type":"string","description":"The resource group name in which resource is provisioned","description_kind":"plain","computed":true},"resource_name":{"type":"string","description":"The name of the resource","description_kind":"plain","computed":true},"resource_status":{"type":"string","description":"The status of the resource","description_kind":"plain","computed":true},"status":{"type":"string","description":"instance status","description_kind":"plain","computed":true},"tags":{"type":["set","string"],"description":"list of tags for the instance","description_kind":"plain","computed":true},"vcpu":{"type":["list",["object",{"architecture":"string","count":"number"}]],"description":"Instance vCPU","description_kind":"plain","computed":true},"volume_attachments":{"type":["list",["object",{"id":"string","name":"string","volume_crn":"string","volume_id":"string","volume_name":"string"}]],"description":"Instance Volume Attachments","description_kind":"plain","computed":true},"volumes":{"type":["set","string"],"description":"List of volumes","description_kind":"plain","computed":true},"vpc":{"type":"string","description":"VPC id","description_kind":"plain","computed":true},"zone":{"type":"string","description":"Zone name","description_kind":"plain","computed":true}},"description_kind":"plain"}},"ibm_is_instance_disk":{"version":0,"block":{"attributes":{"created_at":{"type":"string","description":"The date and time that the disk was created.","description_kind":"plain","computed":true},"disk":{"type":"string","description":"The instance disk identifier.","description_kind":"plain","required":true},"href":{"type":"string","description":"The URL for this instance disk.","description_kind":"plain","computed":true},"id":{"type":"string","description_kind":"plain","optional":true,"computed":true},"instance":{"type":"string","description":"The instance identifier.","description_kind":"plain","required":true},"interface_type":{"type":"string","description":"The disk interface used for attaching the disk.The enumerated values for this property are expected to expand in the future. When processing this property, check for and log unknown values. Optionally halt processing and surface the error, or bypass the resource on which the unexpected property value was encountered.","description_kind":"plain","computed":true},"name":{"type":"string","description":"The user-defined name for this disk.","description_kind":"plain","computed":true},"resource_type":{"type":"string","description":"The resource type.","description_kind":"plain","computed":true},"size":{"type":"number","description":"The size of the disk in GB (gigabytes).","description_kind":"plain","computed":true}},"description_kind":"plain"}},"ibm_is_instance_disks":{"version":0,"block":{"attributes":{"disks":{"type":["list",["object",{"created_at":"string","href":"string","id":"string","interface_type":"string","name":"string","resource_type":"string","size":"number"}]],"description":"Collection of the instance's disks.","description_kind":"plain","computed":true},"id":{"type":"string","description_kind":"plain","optional":true,"computed":true},"instance":{"type":"string","description":"The instance identifier.","description_kind":"plain","required":true}},"description_kind":"plain"}},"ibm_is_instance_group":{"version":0,"block":{"attributes":{"application_port":{"type":"number","description":"Used by the instance group when scaling up instances to supply the port for the load balancer pool member.","description_kind":"plain","computed":true},"id":{"type":"string","description_kind":"plain","optional":true,"computed":true},"instance_template":{"type":"string","description":"instance template ID","description_kind":"plain","computed":true},"load_balancer_pool":{"type":"string","description":"load balancer pool ID","description_kind":"plain","computed":true},"managers":{"type":["list","string"],"description":"list of Managers associated with instancegroup","description_kind":"plain","computed":true},"membership_count":{"type":"number","description":"The number of instances in the instance group","description_kind":"plain","computed":true},"name":{"type":"string","description":"The user-defined name for this instance group","description_kind":"plain","required":true},"resource_group":{"type":"string","description":"Resource group ID","description_kind":"plain","computed":true},"status":{"type":"string","description":"Instance group status - deleting, healthy, scaling, unhealthy","description_kind":"plain","computed":true},"subnets":{"type":["list","string"],"description":"list of subnet IDs","description_kind":"plain","computed":true},"vpc":{"type":"string","description":"vpc instance","description_kind":"plain","computed":true}},"description_kind":"plain"}},"ibm_is_instance_group_manager":{"version":0,"block":{"attributes":{"actions":{"type":["list",["object",{"instance_group_manager_action":"string","instance_group_manager_action_name":"string","resource_type":"string"}]],"description_kind":"plain","computed":true},"aggregation_window":{"type":"number","description":"The time window in seconds to aggregate metrics prior to evaluation","description_kind":"plain","computed":true},"cooldown":{"type":"number","description":"The duration of time in seconds to pause further scale actions after scaling has taken place","description_kind":"plain","computed":true},"id":{"type":"string","description_kind":"plain","optional":true,"computed":true},"instance_group":{"type":"string","description":"instance group ID","description_kind":"plain","required":true},"manager_id":{"type":"string","description":"The ID of instance group manager.","description_kind":"plain","computed":true},"manager_type":{"type":"string","description":"The type of instance group manager.","description_kind":"plain","computed":true},"max_membership_count":{"type":"number","description":"The maximum number of members in a managed instance group","description_kind":"plain","computed":true},"min_membership_count":{"type":"number","description":"The minimum number of members in a managed instance group","description_kind":"plain","computed":true},"name":{"type":"string","description":"Name of the instance group manager.","description_kind":"plain","required":true},"policies":{"type":["list","string"],"description":"list of Policies associated with instancegroup manager","description_kind":"plain","computed":true}},"description_kind":"plain"}},"ibm_is_instance_group_manager_action":{"version":0,"block":{"attributes":{"action_id":{"type":"string","description":"Instance group manager action ID","description_kind":"plain","computed":true},"action_type":{"type":"string","description":"The type of action for the instance group.","description_kind":"plain","computed":true},"auto_delete":{"type":"bool","description_kind":"plain","computed":true},"auto_delete_timeout":{"type":"number","description_kind":"plain","computed":true},"created_at":{"type":"string","description":"The date and time that the instance group manager action was modified.","description_kind":"plain","computed":true},"cron_spec":{"type":"string","description":"The cron specification for a recurring scheduled action. Actions can be applied a maximum of one time within a 5 min period.","description_kind":"plain","computed":true},"id":{"type":"string","description_kind":"plain","optional":true,"computed":true},"instance_group":{"type":"string","description":"instance group ID","description_kind":"plain","required":true},"instance_group_manager":{"type":"string","description":"Instance group manager ID of type scheduled","description_kind":"plain","required":true},"last_applied_at":{"type":"string","description":"The date and time the scheduled action was last applied. If empty the action has never been applied.","description_kind":"plain","computed":true},"max_membership_count":{"type":"number","description":"The maximum number of members in a managed instance group","description_kind":"plain","computed":true},"membership_count":{"type":"number","description":"The number of members the instance group should have at the scheduled time.","description_kind":"plain","computed":true},"min_membership_count":{"type":"number","description":"The minimum number of members in a managed instance group","description_kind":"plain","computed":true},"name":{"type":"string","description":"instance group manager action name","description_kind":"plain","required":true},"next_run_at":{"type":"string","description":"The date and time the scheduled action will next run. If empty the system is currently calculating the next run time.","description_kind":"plain","computed":true},"resource_type":{"type":"string","description":"The resource type.","description_kind":"plain","computed":true},"run_at":{"type":"string","description":"The date and time the scheduled action will run.","description_kind":"plain","computed":true},"status":{"type":"string","description":"The status of the instance group action- `active`: Action is ready to be run- `completed`: Action was completed successfully- `failed`: Action could not be completed successfully- `incompatible`: Action parameters are not compatible with the group or manager- `omitted`: Action was not applied because this action's manager was disabled.","description_kind":"plain","computed":true},"target_manager":{"type":"string","description":"The unique identifier for this instance group manager of type autoscale.","description_kind":"plain","computed":true},"target_manager_name":{"type":"string","description":"Instance group manager name of type autoscale.","description_kind":"plain","computed":true},"updated_at":{"type":"string","description":"The date and time that the instance group manager action was modified.","description_kind":"plain","computed":true}},"description_kind":"plain"}},"ibm_is_instance_group_manager_actions":{"version":0,"block":{"attributes":{"id":{"type":"string","description_kind":"plain","optional":true,"computed":true},"instance_group":{"type":"string","description":"instance group ID","description_kind":"plain","required":true},"instance_group_manager":{"type":"string","description":"Instance group manager ID","description_kind":"plain","required":true},"instance_group_manager_actions":{"type":["list",["object",{"action_id":"string","action_type":"string","auto_delete":"bool","auto_delete_timeout":"number","created_at":"string","cron_spec":"string","instance_group":"string","last_applied_at":"string","max_membership_count":"number","membership_count":"number","min_membership_count":"number","name":"string","next_run_at":"string","resource_type":"string","run_at":"string","status":"string","target_manager":"string","target_manager_name":"string","updated_at":"string"}]],"description":"List of instance group manager actions","description_kind":"plain","computed":true}},"description_kind":"plain"}},"ibm_is_instance_group_manager_policies":{"version":0,"block":{"attributes":{"id":{"type":"string","description_kind":"plain","optional":true,"computed":true},"instance_group":{"type":"string","description":"instance group ID","description_kind":"plain","required":true},"instance_group_manager":{"type":"string","description":"Instance group manager ID","description_kind":"plain","required":true},"instance_group_manager_policies":{"type":["list",["object",{"id":"string","metric_type":"string","metric_value":"number","name":"string","policy_id":"string","policy_type":"string"}]],"description":"List of instance group manager policies","description_kind":"plain","computed":true}},"description_kind":"plain"}},"ibm_is_instance_group_manager_policy":{"version":0,"block":{"attributes":{"id":{"type":"string","description_kind":"plain","optional":true,"computed":true},"instance_group":{"type":"string","description":"instance group ID","description_kind":"plain","required":true},"instance_group_manager":{"type":"string","description":"Instance group manager ID","description_kind":"plain","required":true},"metric_type":{"type":"string","description":"The type of metric to be evaluated","description_kind":"plain","computed":true},"metric_value":{"type":"number","description":"The metric value to be evaluated","description_kind":"plain","computed":true},"name":{"type":"string","description":"The name of the instance group manager policy","description_kind":"plain","required":true},"policy_id":{"type":"string","description":"The policy ID","description_kind":"plain","computed":true},"policy_type":{"type":"string","description":"The type of Policy for the Instance Group","description_kind":"plain","computed":true}},"description_kind":"plain"}},"ibm_is_instance_group_managers":{"version":0,"block":{"attributes":{"id":{"type":"string","description_kind":"plain","optional":true,"computed":true},"instance_group":{"type":"string","description":"instance group ID","description_kind":"plain","required":true},"instance_group_managers":{"type":["list",["object",{"actions":["list",["object",{"instance_group_manager_action":"string","instance_group_manager_action_name":"string","resource_type":"string"}]],"aggregation_window":"number","cooldown":"number","id":"string","manager_id":"string","manager_type":"string","max_membership_count":"number","min_membership_count":"number","name":"string","policies":["list","string"]}]],"description":"List of instance group managers","description_kind":"plain","computed":true}},"description_kind":"plain"}},"ibm_is_instance_group_membership":{"version":0,"block":{"attributes":{"delete_instance_on_membership_delete":{"type":"bool","description":"If set to true, when deleting the membership the instance will also be deleted.","description_kind":"plain","computed":true},"id":{"type":"string","description_kind":"plain","optional":true,"computed":true},"instance":{"type":["list",["object",{"crn":"string","name":"string","virtual_server_instance":"string"}]],"description_kind":"plain","computed":true},"instance_group":{"type":"string","description":"The instance group identifier.","description_kind":"plain","required":true},"instance_group_membership":{"type":"string","description":"The unique identifier for this instance group membership.","description_kind":"plain","computed":true},"instance_template":{"type":["list",["object",{"crn":"string","instance_template":"string","name":"string"}]],"description_kind":"plain","computed":true},"load_balancer_pool_member":{"type":"string","description":"The unique identifier for this load balancer pool member.","description_kind":"plain","computed":true},"name":{"type":"string","description":"The user-defined name for this instance group membership. Names must be unique within the instance group.","description_kind":"plain","required":true},"status":{"type":"string","description":"The status of the instance group membership- `deleting`: Membership is deleting dependent resources- `failed`: Membership was unable to maintain dependent resources- `healthy`: Membership is active and serving in the group- `pending`: Membership is waiting for dependent resources- `unhealthy`: Membership has unhealthy dependent resources.","description_kind":"plain","computed":true}},"description_kind":"plain"}},"ibm_is_instance_group_memberships":{"version":0,"block":{"attributes":{"id":{"type":"string","description_kind":"plain","optional":true,"computed":true},"instance_group":{"type":"string","description":"The instance group identifier.","description_kind":"plain","required":true},"memberships":{"type":["list",["object",{"delete_instance_on_membership_delete":"bool","instance":["list",["object",{"crn":"string","name":"string","virtual_server_instance":"string"}]],"instance_group_membership":"string","instance_template":["list",["object",{"crn":"string","instance_template":"string","name":"string"}]],"load_balancer_pool_member":"string","name":"string","status":"string"}]],"description":"Collection of instance group memberships.","description_kind":"plain","computed":true}},"description_kind":"plain"}},"ibm_is_instance_profile":{"version":0,"block":{"attributes":{"architecture":{"type":"string","description":"The default OS architecture for an instance with this profile.","description_kind":"plain","computed":true},"architecture_type":{"type":"string","description":"The type for the OS architecture.","description_kind":"plain","computed":true},"architecture_values":{"type":["list","string"],"description":"The supported OS architecture(s) for an instance with this profile.","description_kind":"plain","computed":true},"bandwidth":{"type":["list",["object",{"default":"number","max":"number","min":"number","step":"number","type":"string","value":"number","values":["list","number"]}]],"description_kind":"plain","computed":true},"disks":{"type":["list",["object",{"quantity":["list",["object",{"default":"number","max":"number","min":"number","step":"number","type":"string","value":"number","values":["list","number"]}]],"size":["list",["object",{"default":"number","max":"number","min":"number","step":"number","type":"string","value":"number","values":["list","number"]}]],"supported_interface_types":["list",["object",{"default":"string","type":"string","values":["list","string"]}]]}]],"description":"Collection of the instance profile's disks.","description_kind":"plain","computed":true},"family":{"type":"string","description":"The product family this virtual server instance profile belongs to.","description_kind":"plain","computed":true},"href":{"type":"string","description":"The URL for this virtual server instance profile.","description_kind":"plain","computed":true},"id":{"type":"string","description_kind":"plain","optional":true,"computed":true},"memory":{"type":["list",["object",{"default":"number","max":"number","min":"number","step":"number","type":"string","value":"number","values":["list","number"]}]],"description_kind":"plain","computed":true},"name":{"type":"string","description_kind":"plain","required":true},"port_speed":{"type":["list",["object",{"type":"string","value":"number"}]],"description_kind":"plain","computed":true},"vcpu_architecture":{"type":["list",["object",{"default":"string","type":"string","value":"string"}]],"description_kind":"plain","computed":true},"vcpu_count":{"type":["list",["object",{"default":"number","max":"number","min":"number","step":"number","type":"string","value":"number","values":["list","number"]}]],"description_kind":"plain","computed":true}},"description_kind":"plain"}},"ibm_is_instance_profiles":{"version":0,"block":{"attributes":{"id":{"type":"string","description_kind":"plain","optional":true,"computed":true},"profiles":{"type":["list",["object",{"architecture":"string","architecture_type":"string","architecture_values":["list","string"],"bandwidth":["list",["object",{"default":"number","max":"number","min":"number","step":"number","type":"string","value":"number","values":["list","number"]}]],"disks":["list",["object",{"quantity":["list",["object",{"default":"number","max":"number","min":"number","step":"number","type":"string","value":"number","values":["list","number"]}]],"size":["list",["object",{"default":"number","max":"number","min":"number","step":"number","type":"string","value":"number","values":["list","number"]}]],"supported_interface_types":["list",["object",{"default":"string","type":"string","values":["list","string"]}]]}]],"family":"string","href":"string","memory":["list",["object",{"default":"number","max":"number","min":"number","step":"number","type":"string","value":"number","values":["list","number"]}]],"name":"string","port_speed":["list",["object",{"type":"string","value":"number"}]],"vcpu_architecture":["list",["object",{"default":"string","type":"string","value":"string"}]],"vcpu_count":["list",["object",{"default":"number","max":"number","min":"number","step":"number","type":"string","value":"number","values":["list","number"]}]]}]],"description":"List of instance profile maps","description_kind":"plain","computed":true}},"description_kind":"plain"}},"ibm_is_instance_templates":{"version":0,"block":{"attributes":{"id":{"type":"string","description_kind":"plain","optional":true,"computed":true},"templates":{"type":["list",["object",{"boot_volume_attachment":["list",["object",{"delete_volume_on_instance_delete":"bool","name":"string","profile":"string","size":"number","volume":"string"}]],"crn":"string","href":"string","id":"string","image":"string","keys":["list","string"],"name":"string","network_interfaces":["list",["object",{"name":"string","primary_ipv4_address":"string","security_groups":["set","string"],"subnet":"string"}]],"placement_target":["list",["object",{"crn":"string","href":"string","id":"string"}]],"primary_network_interface":["list",["object",{"name":"string","primary_ipv4_address":"string","security_groups":["set","string"],"subnet":"string"}]],"profile":"string","resource_group":"string","user_data":"string","volume_attachments":["list",["object",{"delete_volume_on_instance_delete":"bool","name":"string","volume":"string","volume_prototype":["list",["object",{"capacity":"number","encryption_key":"string","iops":"number","profile":"string"}]]}]],"vpc":"string","zone":"string"}]],"description":"Collection of instance templates","description_kind":"plain","computed":true}},"description_kind":"plain"}},"ibm_is_instances":{"version":0,"block":{"attributes":{"id":{"type":"string","description_kind":"plain","optional":true,"computed":true},"instances":{"type":["list",["object",{"boot_volume":["list",["object",{"device":"string","id":"string","name":"string","volume_crn":"string","volume_id":"string"}]],"disks":["list",["object",{"created_at":"string","href":"string","id":"string","interface_type":"string","name":"string","resource_type":"string","size":"number"}]],"id":"string","image":"string","memory":"number","name":"string","network_interfaces":["list",["object",{"id":"string","name":"string","primary_ipv4_address":"string","security_groups":["set","string"],"subnet":"string"}]],"primary_network_interface":["list",["object",{"id":"string","name":"string","primary_ipv4_address":"string","security_groups":["set","string"],"subnet":"string"}]],"profile":"string","resource_group":"string","status":"string","vcpu":["list",["object",{"architecture":"string","count":"number"}]],"volume_attachments":["list",["object",{"id":"string","name":"string","volume_crn":"string","volume_id":"string","volume_name":"string"}]],"vpc":"string","zone":"string"}]],"description":"List of instances","description_kind":"plain","computed":true},"vpc":{"type":"string","description":"VPC ID to filter the instances attached to it","description_kind":"plain","optional":true},"vpc_name":{"type":"string","description":"Name of the vpc to filter the instances attached to it","description_kind":"plain","optional":true}},"description_kind":"plain"}},"ibm_is_lb":{"version":0,"block":{"attributes":{"hostname":{"type":"string","description":"Load Balancer Host Name","description_kind":"plain","computed":true},"id":{"type":"string","description_kind":"plain","optional":true,"computed":true},"listeners":{"type":["set","string"],"description":"Load Balancer Listeners list","description_kind":"plain","computed":true},"logging":{"type":"bool","description":"Logging of Load Balancer","description_kind":"plain","computed":true},"name":{"type":"string","description":"Load Balancer name","description_kind":"plain","required":true},"operating_status":{"type":"string","description":"Load Balancer operating status","description_kind":"plain","computed":true},"pools":{"type":["list",["object",{"algorithm":"string","created_at":"string","health_monitor":["map","string"],"href":"string","id":"string","instance_group":["map","string"],"members":["list",["object",{"href":"string","id":"string"}]],"name":"string","protocol":"string","provisioning_status":"string","session_persistence":["map","string"]}]],"description":"Load Balancer Pools list","description_kind":"plain","computed":true},"private_ips":{"type":["list","string"],"description":"Load Balancer private IPs","description_kind":"plain","computed":true},"public_ips":{"type":["list","string"],"description":"Load Balancer Public IPs","description_kind":"plain","computed":true},"resource_controller_url":{"type":"string","description":"The URL of the IBM Cloud dashboard that can be used to explore and view details about this instance","description_kind":"plain","computed":true},"resource_group":{"type":"string","description":"Load Balancer Resource group","description_kind":"plain","computed":true},"resource_group_name":{"type":"string","description":"The resource group name in which resource is provisioned","description_kind":"plain","computed":true},"resource_name":{"type":"string","description":"The name of the resource","description_kind":"plain","computed":true},"security_group_supported":{"type":"bool","description":"Security Group Supported for this Load Balancer","description_kind":"plain","computed":true},"security_groups":{"type":["set","string"],"description":"Load Balancer securitygroups list","description_kind":"plain","computed":true},"status":{"type":"string","description":"Load Balancer status","description_kind":"plain","computed":true},"subnets":{"type":["set","string"],"description":"Load Balancer subnets list","description_kind":"plain","computed":true},"tags":{"type":["set","string"],"description":"Tags associated to Load Balancer","description_kind":"plain","computed":true},"type":{"type":"string","description":"Load Balancer type","description_kind":"plain","computed":true}},"description_kind":"plain"}},"ibm_is_lb_profiles":{"version":0,"block":{"attributes":{"id":{"type":"string","description_kind":"plain","optional":true,"computed":true},"lb_profiles":{"type":["list",["object",{"family":"string","href":"string","name":"string"}]],"description":"Collection of load balancer profile collectors","description_kind":"plain","computed":true}},"description_kind":"plain"}},"ibm_is_lbs":{"version":0,"block":{"attributes":{"id":{"type":"string","description_kind":"plain","optional":true,"computed":true},"load_balancers":{"type":["list",["object",{"created_at":"string","crn":"string","hostname":"string","id":"string","listeners":["list",["object",{"href":"string","id":"string"}]],"name":"string","operating_status":"string","pools":["list",["object",{"href":"string","id":"string","name":"string"}]],"private_ips":["list","string"],"profile":["map","string"],"provisioning_status":"string","public_ips":["list","string"],"resource_controller_url":"string","resource_group":"string","resource_group_name":"string","resource_name":"string","status":"string","subnets":["list",["object",{"crn":"string","href":"string","id":"string","name":"string"}]],"tags":["set","string"],"type":"string"}]],"description":"Collection of load balancers","description_kind":"plain","computed":true}},"description_kind":"plain"}},"ibm_is_operating_system":{"version":0,"block":{"attributes":{"architecture":{"type":"string","description":"The operating system architecture","description_kind":"plain","computed":true},"dedicated_host_only":{"type":"bool","description":"Flag which shows images with this operating system can only be used on dedicated hosts or dedicated host groups","description_kind":"plain","computed":true},"display_name":{"type":"string","description":"A unique, display-friendly name for the operating system","description_kind":"plain","computed":true},"family":{"type":"string","description":"The name of the software family this operating system belongs to","description_kind":"plain","computed":true},"href":{"type":"string","description":"The URL for this operating system","description_kind":"plain","computed":true},"id":{"type":"string","description_kind":"plain","optional":true,"computed":true},"name":{"type":"string","description":"The globally unique name for this operating system","description_kind":"plain","required":true},"vendor":{"type":"string","description":"The vendor of the operating system","description_kind":"plain","computed":true},"version":{"type":"string","description":"The major release version of this operating system","description_kind":"plain","computed":true}},"description_kind":"plain"}},"ibm_is_operating_systems":{"version":0,"block":{"attributes":{"id":{"type":"string","description_kind":"plain","optional":true,"computed":true},"operating_systems":{"type":["list",["object",{"architecture":"string","dedicated_host_only":"bool","display_name":"string","family":"string","href":"string","name":"string","vendor":"string","version":"string"}]],"description":"List of operating systems","description_kind":"plain","computed":true}},"description_kind":"plain"}},"ibm_is_public_gateway":{"version":0,"block":{"attributes":{"floating_ip":{"type":["map","string"],"description":"Public gateway floating IP","description_kind":"plain","computed":true},"id":{"type":"string","description_kind":"plain","optional":true,"computed":true},"name":{"type":"string","description":"Public gateway Name","description_kind":"plain","required":true},"resource_controller_url":{"type":"string","description":"The URL of the IBM Cloud dashboard that can be used to explore and view details about this instance","description_kind":"plain","computed":true},"resource_crn":{"type":"string","description":"The crn of the resource","description_kind":"plain","computed":true},"resource_group":{"type":"string","description":"Public gateway resource group info","description_kind":"plain","optional":true,"computed":true},"resource_group_name":{"type":"string","description":"The resource group name in which resource is provisioned","description_kind":"plain","computed":true},"resource_name":{"type":"string","description":"The name of the resource","description_kind":"plain","computed":true},"resource_status":{"type":"string","description":"The status of the resource","description_kind":"plain","computed":true},"status":{"type":"string","description":"Public gateway instance status","description_kind":"plain","computed":true},"tags":{"type":["set","string"],"description":"Service tags for the public gateway instance","description_kind":"plain","computed":true},"vpc":{"type":"string","description":"Public gateway VPC info","description_kind":"plain","computed":true},"zone":{"type":"string","description":"Public gateway zone info","description_kind":"plain","computed":true}},"description_kind":"plain"}},"ibm_is_public_gateways":{"version":0,"block":{"attributes":{"id":{"type":"string","description_kind":"plain","optional":true,"computed":true},"public_gateways":{"type":["list",["object",{"floating_ip":["map","string"],"id":"string","name":"string","resource_controller_url":"string","resource_crn":"string","resource_group":"string","resource_group_name":"string","resource_name":"string","resource_status":"string","status":"string","tags":["set","string"],"vpc":"string","zone":"string"}]],"description":"List of public gateways","description_kind":"plain","computed":true}},"description_kind":"plain"}},"ibm_is_region":{"version":0,"block":{"attributes":{"endpoint":{"type":"string","description_kind":"plain","computed":true},"id":{"type":"string","description_kind":"plain","optional":true,"computed":true},"name":{"type":"string","description_kind":"plain","required":true},"status":{"type":"string","description_kind":"plain","computed":true}},"description_kind":"plain"}},"ibm_is_security_group":{"version":0,"block":{"attributes":{"crn":{"type":"string","description":"The crn of the resource","description_kind":"plain","computed":true},"id":{"type":"string","description_kind":"plain","optional":true,"computed":true},"name":{"type":"string","description":"Security group name","description_kind":"plain","required":true},"resource_controller_url":{"type":"string","description":"The URL of the IBM Cloud dashboard that can be used to explore and view details about this instance","description_kind":"plain","computed":true},"resource_crn":{"type":"string","description":"The crn of the resource","description_kind":"plain","computed":true},"resource_group_name":{"type":"string","description":"The resource group name in which resource is provisioned","description_kind":"plain","computed":true},"resource_name":{"type":"string","description":"The name of the resource","description_kind":"plain","computed":true},"rules":{"type":["list",["object",{"code":"number","direction":"string","ip_version":"string","port_max":"number","port_min":"number","protocol":"string","remote":"string","rule_id":"string","type":"number"}]],"description":"Security Rules","description_kind":"plain","computed":true},"tags":{"type":["set","string"],"description":"List of tags","description_kind":"plain","computed":true},"vpc":{"type":"string","description":"Security group's resource group id","description_kind":"plain","computed":true}},"description_kind":"plain"}},"ibm_is_security_group_target":{"version":0,"block":{"attributes":{"id":{"type":"string","description_kind":"plain","optional":true,"computed":true},"more_info":{"type":"string","description":"Link to documentation about deleted resources","description_kind":"plain","computed":true},"name":{"type":"string","description":"Security group target name","description_kind":"plain","required":true},"resource_type":{"type":"string","description":"Resource Type","description_kind":"plain","computed":true},"security_group":{"type":"string","description":"Security group id","description_kind":"plain","required":true},"target":{"type":"string","description":"security group target identifier","description_kind":"plain","computed":true}},"description_kind":"plain"}},"ibm_is_security_group_targets":{"version":0,"block":{"attributes":{"id":{"type":"string","description_kind":"plain","optional":true,"computed":true},"security_group":{"type":"string","description":"Security group id","description_kind":"plain","required":true},"targets":{"type":["list",["object",{"more_info":"string","name":"string","resource_type":"string","target":"string"}]],"description":"List of targets","description_kind":"plain","computed":true}},"description_kind":"plain"}},"ibm_is_ssh_key":{"version":0,"block":{"attributes":{"fingerprint":{"type":"string","description":"The ssh key Fingerprint","description_kind":"plain","computed":true},"id":{"type":"string","description_kind":"plain","optional":true,"computed":true},"length":{"type":"number","description":"The ssh key length","description_kind":"plain","computed":true},"name":{"type":"string","description":"The name of the ssh key","description_kind":"plain","required":true},"public_key":{"type":"string","description":"SSH Public key data","description_kind":"plain","computed":true},"resource_controller_url":{"type":"string","description":"The URL of the IBM Cloud dashboard that can be used to explore and view details about this instance","description_kind":"plain","computed":true},"resource_crn":{"type":"string","description":"The crn of the resource","description_kind":"plain","computed":true},"resource_group_name":{"type":"string","description":"The resource group name in which resource is provisioned","description_kind":"plain","computed":true},"resource_name":{"type":"string","description":"The name of the resource","description_kind":"plain","computed":true},"type":{"type":"string","description":"The ssh key type","description_kind":"plain","computed":true}},"description_kind":"plain"}},"ibm_is_subnet":{"version":0,"block":{"attributes":{"available_ipv4_address_count":{"type":"number","description_kind":"plain","computed":true},"crn":{"type":"string","description":"The crn of the resource","description_kind":"plain","computed":true},"id":{"type":"string","description_kind":"plain","optional":true,"computed":true},"identifier":{"type":"string","description_kind":"plain","optional":true},"ipv4_cidr_block":{"type":"string","description_kind":"plain","computed":true},"ipv6_cidr_block":{"type":"string","description_kind":"plain","computed":true},"name":{"type":"string","description_kind":"plain","optional":true,"computed":true},"network_acl":{"type":"string","description_kind":"plain","computed":true},"public_gateway":{"type":"string","description_kind":"plain","computed":true},"resource_controller_url":{"type":"string","description":"The URL of the IBM Cloud dashboard that can be used to explore and view details about this instance","description_kind":"plain","computed":true},"resource_crn":{"type":"string","description":"The crn of the resource","description_kind":"plain","computed":true},"resource_group":{"type":"string","description_kind":"plain","computed":true},"resource_group_name":{"type":"string","description":"The resource group name in which resource is provisioned","description_kind":"plain","computed":true},"resource_name":{"type":"string","description":"The name of the resource","description_kind":"plain","computed":true},"resource_status":{"type":"string","description":"The status of the resource","description_kind":"plain","computed":true},"status":{"type":"string","description_kind":"plain","computed":true},"tags":{"type":["set","string"],"description":"List of tags","description_kind":"plain","computed":true},"total_ipv4_address_count":{"type":"number","description_kind":"plain","computed":true},"vpc":{"type":"string","description_kind":"plain","computed":true},"zone":{"type":"string","description_kind":"plain","computed":true}},"description_kind":"plain"}},"ibm_is_subnet_reserved_ip":{"version":0,"block":{"attributes":{"address":{"type":"string","description":"The IP address","description_kind":"plain","computed":true},"auto_delete":{"type":"bool","description":"If set to true, this reserved IP will be automatically deleted","description_kind":"plain","computed":true},"created_at":{"type":"string","description":"The date and time that the reserved IP was created.","description_kind":"plain","computed":true},"href":{"type":"string","description":"The URL for this reserved IP.","description_kind":"plain","computed":true},"id":{"type":"string","description_kind":"plain","optional":true,"computed":true},"name":{"type":"string","description":"The user-defined or system-provided name for this reserved IP.","description_kind":"plain","computed":true},"owner":{"type":"string","description":"The owner of a reserved IP, defining whether it is managed by the user or the provider.","description_kind":"plain","computed":true},"reserved_ip":{"type":"string","description":"The reserved IP identifier.","description_kind":"plain","required":true},"resource_type":{"type":"string","description":"The resource type.","description_kind":"plain","computed":true},"subnet":{"type":"string","description":"The subnet identifier.","description_kind":"plain","required":true},"target":{"type":"string","description":"Reserved IP target id.","description_kind":"plain","computed":true}},"description_kind":"plain"}},"ibm_is_subnet_reserved_ips":{"version":0,"block":{"attributes":{"id":{"type":"string","description_kind":"plain","optional":true,"computed":true},"reserved_ips":{"type":["list",["object",{"address":"string","auto_delete":"bool","created_at":"string","href":"string","name":"string","owner":"string","reserved_ip":"string","resource_type":"string","target":"string"}]],"description":"Collection of reserved IPs in this subnet.","description_kind":"plain","computed":true},"subnet":{"type":"string","description":"The subnet identifier.","description_kind":"plain","required":true},"total_count":{"type":"number","description":"The total number of resources across all pages","description_kind":"plain","computed":true}},"description_kind":"plain"}},"ibm_is_subnets":{"version":0,"block":{"attributes":{"id":{"type":"string","description_kind":"plain","optional":true,"computed":true},"subnets":{"type":["list",["object",{"available_ipv4_address_count":"string","crn":"string","id":"string","ipv4_cidr_block":"string","ipv6_cidr_block":"string","name":"string","network_acl":"string","public_gateway":"string","resource_group":"string","status":"string","total_ipv4_address_count":"string","vpc":"string","zone":"string"}]],"description":"List of subnets","description_kind":"plain","computed":true}},"description_kind":"plain"}},"ibm_is_virtual_endpoint_gateway":{"version":0,"block":{"attributes":{"created_at":{"type":"string","description":"Endpoint gateway created date and time","description_kind":"plain","computed":true},"health_state":{"type":"string","description":"Endpoint gateway health state","description_kind":"plain","computed":true},"id":{"type":"string","description_kind":"plain","optional":true,"computed":true},"ips":{"type":["list",["object",{"id":"string","name":"string","resource_type":"string"}]],"description":"Endpoint gateway resource group","description_kind":"plain","computed":true},"lifecycle_state":{"type":"string","description":"Endpoint gateway lifecycle state","description_kind":"plain","computed":true},"name":{"type":"string","description":"Endpoint gateway name","description_kind":"plain","required":true},"resource_group":{"type":"string","description":"The resource group id","description_kind":"plain","computed":true},"resource_type":{"type":"string","description":"Endpoint gateway resource type","description_kind":"plain","computed":true},"target":{"type":["list",["object",{"name":"string","resource_type":"string"}]],"description":"Endpoint gateway target","description_kind":"plain","computed":true},"vpc":{"type":"string","description":"The VPC id","description_kind":"plain","computed":true}},"description_kind":"plain"}},"ibm_is_virtual_endpoint_gateway_ips":{"version":0,"block":{"attributes":{"gateway":{"type":"string","description_kind":"plain","required":true},"id":{"type":"string","description_kind":"plain","optional":true,"computed":true},"ips":{"type":["list",["object",{"address":"string","auto_delete":"bool","created_at":"string","name":"string","reserved_ip":"string","resource_type":"string","target":["list",["object",{"id":"string","name":"string","resource_type":"string"}]]}]],"description_kind":"plain","computed":true}},"description_kind":"plain"}},"ibm_is_virtual_endpoint_gateways":{"version":0,"block":{"attributes":{"id":{"type":"string","description_kind":"plain","optional":true,"computed":true},"virtual_endpoint_gateways":{"type":["list",["object",{"created_at":"string","health_state":"string","id":"string","ips":["list",["object",{"id":"string","name":"string","resource_type":"string"}]],"lifecycle_state":"string","name":"string","resource_group":"string","resource_type":"string","target":["list",["object",{"name":"string","resource_type":"string"}]],"vpc":"string"}]],"description_kind":"plain","computed":true}},"description_kind":"plain"}},"ibm_is_volume":{"version":0,"block":{"attributes":{"capacity":{"type":"number","description":"Vloume capacity value","description_kind":"plain","computed":true},"crn":{"type":"string","description":"CRN value for the volume instance","description_kind":"plain","computed":true},"encryption_key":{"type":"string","description":"Volume encryption key info","description_kind":"plain","computed":true},"id":{"type":"string","description_kind":"plain","optional":true,"computed":true},"iops":{"type":"number","description":"IOPS value for the Volume","description_kind":"plain","computed":true},"name":{"type":"string","description":"Volume name","description_kind":"plain","required":true},"profile":{"type":"string","description":"Volume profile name","description_kind":"plain","computed":true},"resource_controller_url":{"type":"string","description":"The URL of the IBM Cloud dashboard that can be used to explore and view details about this instance","description_kind":"plain","computed":true},"resource_crn":{"type":"string","description":"The crn of the resource","description_kind":"plain","computed":true},"resource_group":{"type":"string","description":"Resource group name","description_kind":"plain","computed":true},"resource_group_name":{"type":"string","description":"The resource group name in which resource is provisioned","description_kind":"plain","computed":true},"resource_name":{"type":"string","description":"The name of the resource","description_kind":"plain","computed":true},"resource_status":{"type":"string","description":"The status of the resource","description_kind":"plain","computed":true},"status":{"type":"string","description":"Volume status","description_kind":"plain","computed":true},"status_reasons":{"type":["list",["object",{"code":"string","message":"string"}]],"description_kind":"plain","computed":true},"tags":{"type":["set","string"],"description":"Tags for the volume instance","description_kind":"plain","computed":true},"zone":{"type":"string","description":"Zone name","description_kind":"plain","optional":true,"computed":true}},"description_kind":"plain"}},"ibm_is_volume_profile":{"version":0,"block":{"attributes":{"family":{"type":"string","description":"Volume profile family","description_kind":"plain","computed":true},"id":{"type":"string","description_kind":"plain","optional":true,"computed":true},"name":{"type":"string","description":"Volume profile name","description_kind":"plain","required":true}},"description_kind":"plain"}},"ibm_is_volume_profiles":{"version":0,"block":{"attributes":{"id":{"type":"string","description_kind":"plain","optional":true,"computed":true},"profiles":{"type":["list",["object",{"family":"string","name":"string"}]],"description":"List of Volume profile maps","description_kind":"plain","computed":true}},"description_kind":"plain"}},"ibm_is_vpc":{"version":0,"block":{"attributes":{"classic_access":{"type":"bool","description_kind":"plain","computed":true},"crn":{"type":"string","description":"The crn of the resource","description_kind":"plain","computed":true},"cse_source_addresses":{"type":["list",["object",{"address":"string","zone_name":"string"}]],"description_kind":"plain","computed":true},"default_network_acl":{"type":"string","description_kind":"plain","computed":true},"default_network_acl_name":{"type":"string","description":"Default Network ACL name","description_kind":"plain","computed":true},"default_routing_table":{"type":"string","description":"Default routing table associated with VPC","description_kind":"plain","computed":true},"default_routing_table_name":{"type":"string","description":"Default routing table name","description_kind":"plain","computed":true},"default_security_group":{"type":"string","description":"Security group associated with VPC","description_kind":"plain","computed":true},"default_security_group_name":{"type":"string","description":"Default security group name","description_kind":"plain","computed":true},"id":{"type":"string","description_kind":"plain","optional":true,"computed":true},"name":{"type":"string","description_kind":"plain","required":true},"resource_controller_url":{"type":"string","description":"The URL of the IBM Cloud dashboard that can be used to explore and view details about this instance","description_kind":"plain","computed":true},"resource_crn":{"type":"string","description":"The crn of the resource","description_kind":"plain","computed":true},"resource_group":{"type":"string","description_kind":"plain","computed":true},"resource_group_name":{"type":"string","description":"The resource group name in which resource is provisioned","description_kind":"plain","computed":true},"resource_name":{"type":"string","description":"The name of the resource","description_kind":"plain","computed":true},"resource_status":{"type":"string","description":"The status of the resource","description_kind":"plain","computed":true},"security_group":{"type":["list",["object",{"group_id":"string","group_name":"string","rules":["list",["object",{"code":"number","direction":"string","ip_version":"string","port_max":"number","port_min":"number","protocol":"string","remote":"string","rule_id":"string","type":"number"}]]}]],"description_kind":"plain","computed":true},"status":{"type":"string","description_kind":"plain","computed":true},"subnets":{"type":["list",["object",{"available_ipv4_address_count":"number","id":"string","name":"string","status":"string","total_ipv4_address_count":"number","zone":"string"}]],"description_kind":"plain","computed":true},"tags":{"type":["set","string"],"description_kind":"plain","computed":true}},"description_kind":"plain"}},"ibm_is_vpc_default_routing_table":{"version":0,"block":{"attributes":{"created_at":{"type":"string","description":"Default Routing table Created At","description_kind":"plain","computed":true},"default_routing_table":{"type":"string","description":"Default Routing Table ID","description_kind":"plain","computed":true},"href":{"type":"string","description":"Default Routing table Href","description_kind":"plain","computed":true},"id":{"type":"string","description_kind":"plain","optional":true,"computed":true},"is_default":{"type":"bool","description":"Indicates whether this is the default routing table for this VPC","description_kind":"plain","computed":true},"lifecycle_state":{"type":"string","description":"Default Routing table Lifecycle State","description_kind":"plain","computed":true},"name":{"type":"string","description":"Default Routing table Name","description_kind":"plain","computed":true},"resource_type":{"type":"string","description":"Default Routing table Resource Type","description_kind":"plain","computed":true},"route_direct_link_ingress":{"type":"bool","description":"If set to true, this routing table will be used to route traffic that originates from Direct Link to this VPC.","description_kind":"plain","computed":true},"route_transit_gateway_ingress":{"type":"bool","description":"If set to true, this routing table will be used to route traffic that originates from Transit Gateway to this VPC.","description_kind":"plain","computed":true},"route_vpc_zone_ingress":{"type":"bool","description":"If set to true, this routing table will be used to route traffic that originates from subnets in other zones in this VPC.","description_kind":"plain","computed":true},"routes":{"type":["list",["object",{"id":"string","name":"string"}]],"description_kind":"plain","computed":true},"subnets":{"type":["list",["object",{"id":"string","name":"string"}]],"description_kind":"plain","computed":true},"vpc":{"type":"string","description":"VPC identifier","description_kind":"plain","required":true}},"description_kind":"plain"}},"ibm_is_vpc_routing_table_routes":{"version":0,"block":{"attributes":{"id":{"type":"string","description_kind":"plain","optional":true,"computed":true},"routes":{"type":["list",["object",{"action":"string","created_at":"string","destination":"string","href":"string","lifecycle_state":"string","name":"string","nexthop":"string","route_id":"string","zone":"string"}]],"description":"Collection of Routing Table Routes","description_kind":"plain","computed":true},"routing_table":{"type":"string","description":"Routing table identifier","description_kind":"plain","required":true},"vpc":{"type":"string","description":"VPC identifier","description_kind":"plain","required":true}},"description_kind":"plain"}},"ibm_is_vpc_routing_tables":{"version":0,"block":{"attributes":{"id":{"type":"string","description_kind":"plain","optional":true,"computed":true},"routing_tables":{"type":["list",["object",{"created_at":"string","href":"string","is_default":"bool","lifecycle_state":"string","name":"string","resource_type":"string","route_direct_link_ingress":"bool","route_transit_gateway_ingress":"bool","route_vpc_zone_ingress":"bool","routes":["list",["object",{"id":"string","name":"string"}]],"routing_table":"string","subnets":["list",["object",{"id":"string","name":"string"}]]}]],"description":"Collection of Routing tables","description_kind":"plain","computed":true},"vpc":{"type":"string","description":"VPC identifier","description_kind":"plain","required":true}},"description_kind":"plain"}},"ibm_is_vpn_gateway_connections":{"version":0,"block":{"attributes":{"connections":{"type":["list",["object",{"action":"string","admin_state_up":"bool","authentication_mode":"string","created_at":"string","id":"string","ike_policy":"string","interval":"number","ipsec_policy":"string","local_cidrs":["set","string"],"mode":"string","name":"string","peer_address":"string","peer_cidrs":["set","string"],"resource_type":"string","status":"string","timeout":"number","tunnels":["list",["object",{"address":"string","status":"string"}]]}]],"description":"Collection of VPN Gateways","description_kind":"plain","computed":true},"id":{"type":"string","description_kind":"plain","optional":true,"computed":true},"vpn_gateway":{"type":"string","description":"The VPN gateway identifier ","description_kind":"plain","required":true}},"description_kind":"plain"}},"ibm_is_vpn_gateways":{"version":0,"block":{"attributes":{"id":{"type":"string","description_kind":"plain","optional":true,"computed":true},"vpn_gateways":{"type":["list",["object",{"created_at":"string","crn":"string","members":["list",["object",{"address":"string","private_address":"string","role":"string","status":"string"}]],"mode":"string","name":"string","resource_group":"string","resource_type":"string","status":"string","subnet":"string"}]],"description":"Collection of VPN Gateways","description_kind":"plain","computed":true}},"description_kind":"plain"}},"ibm_is_zone":{"version":0,"block":{"attributes":{"id":{"type":"string","description_kind":"plain","optional":true,"computed":true},"name":{"type":"string","description_kind":"plain","required":true},"region":{"type":"string","description_kind":"plain","required":true},"status":{"type":"string","description_kind":"plain","computed":true}},"description_kind":"plain"}},"ibm_is_zones":{"version":0,"block":{"attributes":{"id":{"type":"string","description_kind":"plain","optional":true,"computed":true},"region":{"type":"string","description_kind":"plain","required":true},"status":{"type":"string","description_kind":"plain","optional":true},"zones":{"type":["list","string"],"description_kind":"plain","computed":true}},"description_kind":"plain"}},"ibm_kms_key":{"version":0,"block":{"attributes":{"alias":{"type":"string","description":"The alias associated with the key","description_kind":"plain","optional":true},"endpoint_type":{"type":"string","description":"public or private","description_kind":"plain","optional":true},"id":{"type":"string","description_kind":"plain","optional":true,"computed":true},"instance_id":{"type":"string","description":"Key protect or hpcs instance GUID","description_kind":"plain","required":true},"key_name":{"type":"string","description":"The name of the key to be fetched","description_kind":"plain","optional":true},"keys":{"type":["list",["object",{"aliases":["list","string"],"crn":"string","id":"string","key_ring_id":"string","name":"string","policies":["list",["object",{"dual_auth_delete":["list",["object",{"created_by":"string","creation_date":"string","enabled":"bool","id":"string","last_update_date":"string","updated_by":"string"}]],"rotation":["list",["object",{"created_by":"string","creation_date":"string","id":"string","interval_month":"number","last_update_date":"string","updated_by":"string"}]]}]],"standard_key":"bool"}]],"description_kind":"plain","computed":true}},"description_kind":"plain"}},"ibm_kms_key_rings":{"version":0,"block":{"attributes":{"endpoint_type":{"type":"string","description":"public or private","description_kind":"plain","optional":true},"id":{"type":"string","description_kind":"plain","optional":true,"computed":true},"instance_id":{"type":"string","description":"Key protect or hpcs instance GUID","description_kind":"plain","required":true},"key_rings":{"type":["list",["object",{"created_by":"string","creation_date":"string","id":"string"}]],"description":"Key Rings for a particualer instance","description_kind":"plain","computed":true}},"description_kind":"plain"}},"ibm_kms_keys":{"version":0,"block":{"attributes":{"alias":{"type":"string","description":"The name of the key to be fetched","description_kind":"plain","optional":true},"endpoint_type":{"type":"string","description":"public or private","description_kind":"plain","optional":true},"id":{"type":"string","description_kind":"plain","optional":true,"computed":true},"instance_id":{"type":"string","description":"Key protect or hpcs instance GUID","description_kind":"plain","required":true},"key_name":{"type":"string","description":"The name of the key to be fetched","description_kind":"plain","optional":true},"keys":{"type":["list",["object",{"aliases":["list","string"],"crn":"string","id":"string","key_ring_id":"string","name":"string","policies":["list",["object",{"dual_auth_delete":["list",["object",{"created_by":"string","creation_date":"string","enabled":"bool","id":"string","last_update_date":"string","updated_by":"string"}]],"rotation":["list",["object",{"created_by":"string","creation_date":"string","id":"string","interval_month":"number","last_update_date":"string","updated_by":"string"}]]}]],"standard_key":"bool"}]],"description_kind":"plain","computed":true}},"description_kind":"plain"}},"ibm_kp_key":{"version":0,"block":{"attributes":{"id":{"type":"string","description_kind":"plain","optional":true,"computed":true},"key_name":{"type":"string","description_kind":"plain","optional":true},"key_protect_id":{"type":"string","description_kind":"plain","required":true},"keys":{"type":["list",["object",{"crn":"string","id":"string","name":"string","standard_key":"bool"}]],"description_kind":"plain","computed":true}},"description_kind":"plain"}},"ibm_lbaas":{"version":0,"block":{"attributes":{"active_connections":{"type":"number","description_kind":"plain","computed":true},"datacenter":{"type":"string","description_kind":"plain","computed":true},"description":{"type":"string","description_kind":"plain","computed":true},"health_monitors":{"type":["list",["object",{"interval":"number","max_retries":"number","monitor_id":"string","port":"number","protocol":"string","timeout":"number","url_path":"string"}]],"description_kind":"plain","computed":true},"id":{"type":"string","description_kind":"plain","optional":true,"computed":true},"name":{"type":"string","description_kind":"plain","required":true},"protocols":{"type":["list",["object",{"backend_port":"number","backend_protocol":"string","frontend_port":"number","frontend_protocol":"string","load_balancing_method":"string","max_conn":"number","protocol_id":"string","session_stickiness":"string","tls_certificate_id":"number"}]],"description_kind":"plain","computed":true},"server_instances":{"type":["list",["object",{"member_id":"string","private_ip_address":"string","status":"string","weight":"number"}]],"description_kind":"plain","computed":true},"server_instances_down":{"type":"number","description_kind":"plain","computed":true},"server_instances_up":{"type":"number","description_kind":"plain","computed":true},"ssl_ciphers":{"type":["set","string"],"description_kind":"plain","computed":true},"status":{"type":"string","description_kind":"plain","computed":true},"type":{"type":"string","description_kind":"plain","computed":true},"use_system_public_ip_pool":{"type":"bool","description_kind":"plain","computed":true},"vip":{"type":"string","description_kind":"plain","computed":true}},"description_kind":"plain"}},"ibm_network_vlan":{"version":0,"block":{"attributes":{"id":{"type":"number","description_kind":"plain","computed":true},"name":{"type":"string","description_kind":"plain","optional":true,"computed":true},"number":{"type":"number","description_kind":"plain","optional":true,"computed":true},"router_hostname":{"type":"string","description_kind":"plain","optional":true,"computed":true},"subnets":{"type":["list",["object",{"cidr":"number","gateway":"string","id":"number","subnet":"string","subnet_size":"number","subnet_type":"string"}]],"description_kind":"plain","computed":true},"virtual_guests":{"type":["list",["object",{"domain":"string","hostname":"string","id":"number"}]],"description_kind":"plain","computed":true}},"description_kind":"plain"}},"ibm_org":{"version":0,"block":{"attributes":{"id":{"type":"string","description_kind":"plain","optional":true,"computed":true},"name":{"type":"string","description":"Org name, for example myorg@domain","description_kind":"plain","optional":true},"org":{"type":"string","description":"Org name, for example myorg@domain","description_kind":"plain","deprecated":true,"optional":true}},"description_kind":"plain"}},"ibm_org_quota":{"version":0,"block":{"attributes":{"app_instance_limit":{"type":"number","description":"Defines the total app instance limit for organization.","description_kind":"plain","computed":true},"app_tasks_limit":{"type":"number","description":"Defines the total app task limit for organization.","description_kind":"plain","computed":true},"id":{"type":"string","description_kind":"plain","optional":true,"computed":true},"instance_memory_limit":{"type":"number","description":"Defines the  total instance memory limit for organization.","description_kind":"plain","computed":true},"memory_limit":{"type":"number","description":"Defines the total memory limit for organization.","description_kind":"plain","computed":true},"name":{"type":"string","description":"Org quota name, for example qIBM","description_kind":"plain","required":true},"non_basic_services_allowed":{"type":"bool","description":"Define non basic services are allowed for organization.","description_kind":"plain","computed":true},"total_private_domains":{"type":"number","description":"Defines the total private domain limit for organization.v","description_kind":"plain","computed":true},"total_reserved_route_ports":{"type":"number","description":"Defines the number of reserved route ports for organization. ","description_kind":"plain","computed":true},"total_routes":{"type":"number","description":"Defines the total route for organization.","description_kind":"plain","computed":true},"total_service_keys":{"type":"number","description":"Defines the total service keys for organization.","description_kind":"plain","computed":true},"total_services":{"type":"number","description":"Defines the total services for organization.","description_kind":"plain","computed":true},"trial_db_allowed":{"type":"bool","description":"Defines trial db are allowed for organization.","description_kind":"plain","computed":true}},"description_kind":"plain"}},"ibm_pi_catalog_images":{"version":0,"block":{"attributes":{"id":{"type":"string","description_kind":"plain","optional":true,"computed":true},"images":{"type":["list",["object",{"architecture":"string","container_format":"string","creation_date":"string","description":"string","disk_format":"string","endianness":"string","href":"string","hypervisor_type":"string","image_id":"string","image_type":"string","last_update_date":"string","name":"string","operating_system":"string","state":"string","storage_type":"string"}]],"description_kind":"plain","computed":true},"pi_cloud_instance_id":{"type":"string","description_kind":"plain","required":true},"sap":{"type":"bool","description_kind":"plain","optional":true}},"description_kind":"plain"}},"ibm_pi_cloud_instance":{"version":0,"block":{"attributes":{"capabilities":{"type":["list","string"],"description_kind":"plain","computed":true},"creation_date":{"type":"string","description_kind":"plain","computed":true},"enabled":{"type":"bool","description_kind":"plain","computed":true},"id":{"type":"string","description_kind":"plain","optional":true,"computed":true},"pi_cloud_instance_id":{"type":"string","description_kind":"plain","required":true},"pvm_instances":{"type":["list",["object",{"creation_date":"string","href":"string","id":"string","name":"string","status":"string","systype":"string"}]],"description_kind":"plain","computed":true},"region":{"type":"string","description_kind":"plain","computed":true},"tenant_id":{"type":"string","description_kind":"plain","computed":true},"total_instances":{"type":"number","description_kind":"plain","computed":true},"total_memory_consumed":{"type":"number","description_kind":"plain","computed":true},"total_processors_consumed":{"type":"number","description_kind":"plain","computed":true},"total_ssd_storage_consumed":{"type":"number","description_kind":"plain","computed":true},"total_standard_storage_consumed":{"type":"number","description_kind":"plain","computed":true}},"description_kind":"plain"}},"ibm_pi_image":{"version":0,"block":{"attributes":{"architecture":{"type":"string","description_kind":"plain","computed":true},"hypervisor":{"type":"string","description_kind":"plain","computed":true},"id":{"type":"string","description_kind":"plain","optional":true,"computed":true},"operatingsystem":{"type":"string","description_kind":"plain","computed":true},"pi_cloud_instance_id":{"type":"string","description_kind":"plain","required":true},"pi_image_name":{"type":"string","description":"Imagename Name to be used for pvminstances","description_kind":"plain","required":true},"size":{"type":"number","description_kind":"plain","computed":true},"state":{"type":"string","description_kind":"plain","computed":true},"storage_type":{"type":"string","description_kind":"plain","computed":true}},"description_kind":"plain"}},"ibm_pi_images":{"version":0,"block":{"attributes":{"id":{"type":"string","description_kind":"plain","optional":true,"computed":true},"image_info":{"type":["list",["object",{"href":"string","id":"string","name":"string","state":"string","storage_type":"string"}]],"description_kind":"plain","computed":true},"pi_cloud_instance_id":{"type":"string","description_kind":"plain","required":true},"pi_image_name":{"type":"string","description":"Imagename Name to be used for pvminstances","description_kind":"plain","deprecated":true,"optional":true}},"description_kind":"plain"}},"ibm_pi_instance":{"version":0,"block":{"attributes":{"addresses":{"type":["list",["object",{"external_ip":"string","ip":"string","macaddress":"string","network_id":"string","network_name":"string","type":"string"}]],"description_kind":"plain","computed":true},"health_status":{"type":"string","description_kind":"plain","computed":true},"id":{"type":"string","description_kind":"plain","optional":true,"computed":true},"max_virtual_cores":{"type":"number","description_kind":"plain","computed":true},"maxmem":{"type":"number","description_kind":"plain","computed":true},"maxproc":{"type":"number","description_kind":"plain","computed":true},"memory":{"type":"number","description_kind":"plain","computed":true},"min_virtual_cores":{"type":"number","description_kind":"plain","computed":true},"minmem":{"type":"number","description_kind":"plain","computed":true},"minproc":{"type":"number","description_kind":"plain","computed":true},"pi_cloud_instance_id":{"type":"string","description_kind":"plain","required":true},"pi_instance_name":{"type":"string","description":"Server Name to be used for pvminstances","description_kind":"plain","required":true},"pin_policy":{"type":"string","description_kind":"plain","computed":true},"processors":{"type":"number","description_kind":"plain","computed":true},"proctype":{"type":"string","description_kind":"plain","computed":true},"state":{"type":"string","description_kind":"plain","computed":true},"status":{"type":"string","description_kind":"plain","computed":true},"virtual_cores_assigned":{"type":"number","description_kind":"plain","computed":true},"volumes":{"type":["list","string"],"description_kind":"plain","computed":true}},"description_kind":"plain"}},"ibm_pi_instance_ip":{"version":0,"block":{"attributes":{"external_ip":{"type":"string","description_kind":"plain","computed":true},"id":{"type":"string","description_kind":"plain","optional":true,"computed":true},"ip":{"type":"string","description_kind":"plain","computed":true},"ipoctet":{"type":"string","description_kind":"plain","computed":true},"macaddress":{"type":"string","description_kind":"plain","computed":true},"network_id":{"type":"string","description_kind":"plain","computed":true},"pi_cloud_instance_id":{"type":"string","description_kind":"plain","required":true},"pi_instance_name":{"type":"string","description":"Server Name to be used for pvminstances","description_kind":"plain","required":true},"pi_network_name":{"type":"string","description_kind":"plain","required":true},"type":{"type":"string","description_kind":"plain","computed":true}},"description_kind":"plain"}},"ibm_pi_instance_snapshots":{"version":0,"block":{"attributes":{"id":{"type":"string","description_kind":"plain","optional":true,"computed":true},"instance_snapshots":{"type":["list",["object",{"action":"string","creation_date":"string","description":"string","id":"string","last_updated_date":"string","name":"string","percent_complete":"number","status":"string"}]],"description_kind":"plain","computed":true},"pi_cloud_instance_id":{"type":"string","description_kind":"plain","required":true}},"description_kind":"plain"}},"ibm_pi_instance_volumes":{"version":0,"block":{"attributes":{"boot_volume_id":{"type":"string","description_kind":"plain","computed":true},"id":{"type":"string","description_kind":"plain","optional":true,"computed":true},"instance_volumes":{"type":["list",["object",{"bootable":"bool","href":"string","id":"string","name":"string","shareable":"bool","size":"number","state":"string","type":"string"}]],"description_kind":"plain","computed":true},"pi_cloud_instance_id":{"type":"string","description_kind":"plain","required":true},"pi_instance_name":{"type":"string","description":"Instance Name to be used for pvminstances","description_kind":"plain","required":true}},"description_kind":"plain"}},"ibm_pi_key":{"version":0,"block":{"attributes":{"creation_date":{"type":"string","description_kind":"plain","computed":true},"id":{"type":"string","description_kind":"plain","optional":true,"computed":true},"pi_cloud_instance_id":{"type":"string","description_kind":"plain","required":true},"pi_key_name":{"type":"string","description":"SSHKey Name to be used for pvminstances","description_kind":"plain","required":true},"sshkey":{"type":"string","description_kind":"plain","computed":true,"sensitive":true}},"description_kind":"plain"}},"ibm_pi_network":{"version":0,"block":{"attributes":{"available_ip_count":{"type":"number","description_kind":"plain","computed":true},"cidr":{"type":"string","description_kind":"plain","computed":true},"gateway":{"type":"string","description_kind":"plain","computed":true},"id":{"type":"string","description_kind":"plain","optional":true,"computed":true},"name":{"type":"string","description_kind":"plain","computed":true},"pi_cloud_instance_id":{"type":"string","description_kind":"plain","required":true},"pi_network_name":{"type":"string","description":"Network Name to be used for pvminstances","description_kind":"plain","required":true},"type":{"type":"string","description_kind":"plain","computed":true},"used_ip_count":{"type":"number","description_kind":"plain","computed":true},"used_ip_percent":{"type":"number","description_kind":"plain","computed":true},"vlan_id":{"type":"number","description_kind":"plain","computed":true}},"description_kind":"plain"}},"ibm_pi_network_port":{"version":0,"block":{"attributes":{"id":{"type":"string","description_kind":"plain","optional":true,"computed":true},"network_ports":{"type":["list",["object",{"description":"string","href":"string","ipaddress":"string","macaddress":"string","portid":"string","public_ip":"string","status":"string"}]],"description_kind":"plain","computed":true},"pi_cloud_instance_id":{"type":"string","description_kind":"plain","required":true},"pi_network_name":{"type":"string","description":"Network Name to be used for pvminstances","description_kind":"plain","required":true}},"description_kind":"plain"}},"ibm_pi_public_network":{"version":0,"block":{"attributes":{"id":{"type":"string","description_kind":"plain","optional":true,"computed":true},"name":{"type":"string","description_kind":"plain","computed":true},"network_id":{"type":"string","description_kind":"plain","computed":true},"pi_cloud_instance_id":{"type":"string","description_kind":"plain","required":true},"pi_network_name":{"type":"string","description":"Network Name to be used for pvminstances","description_kind":"plain","deprecated":true,"optional":true},"type":{"type":"string","description_kind":"plain","computed":true},"vlan_id":{"type":"number","description_kind":"plain","computed":true}},"description_kind":"plain"}},"ibm_pi_pvm_snapshots":{"version":0,"block":{"attributes":{"id":{"type":"string","description_kind":"plain","optional":true,"computed":true},"pi_cloud_instance_id":{"type":"string","description_kind":"plain","required":true},"pi_instance_name":{"type":"string","description_kind":"plain","required":true},"pvm_snapshots":{"type":["list",["object",{"action":"string","creation_date":"string","description":"string","id":"string","last_updated_date":"string","name":"string","percent_complete":"number","status":"string","volume_snapshots":["map","string"]}]],"description_kind":"plain","computed":true}},"description_kind":"plain"}},"ibm_pi_tenant":{"version":0,"block":{"attributes":{"cloud_instances":{"type":["set",["object",{"cloud_instance_id":"string","region":"string"}]],"description_kind":"plain","computed":true},"creation_date":{"type":"string","description_kind":"plain","computed":true},"enabled":{"type":"bool","description_kind":"plain","computed":true},"id":{"type":"string","description_kind":"plain","optional":true,"computed":true},"pi_cloud_instance_id":{"type":"string","description_kind":"plain","required":true},"tenant_name":{"type":"string","description_kind":"plain","computed":true}},"description_kind":"plain"}},"ibm_pi_volume":{"version":0,"block":{"attributes":{"bootable":{"type":"bool","description_kind":"plain","computed":true},"creation_date":{"type":"string","description_kind":"plain","computed":true},"disk_type":{"type":"string","description_kind":"plain","computed":true},"id":{"type":"string","description_kind":"plain","optional":true,"computed":true},"name":{"type":"string","description_kind":"plain","computed":true},"pi_cloud_instance_id":{"type":"string","description_kind":"plain","required":true},"pi_volume_name":{"type":"string","description":"Volume Name to be used for pvminstances","description_kind":"plain","required":true},"shareable":{"type":"bool","description_kind":"plain","computed":true},"size":{"type":"number","description_kind":"plain","computed":true},"state":{"type":"string","description_kind":"plain","computed":true},"wwn":{"type":"string","description_kind":"plain","computed":true}},"description_kind":"plain"}},"ibm_pn_application_chrome":{"version":0,"block":{"attributes":{"guid":{"type":"string","description":"Unique guid of the application using the push service.","description_kind":"plain","required":true},"id":{"type":"string","description_kind":"plain","optional":true,"computed":true},"server_key":{"type":"string","description":"A server key that gives the push service an authorized access to Google services that is used for Chrome Web Push.","description_kind":"plain","computed":true},"web_site_url":{"type":"string","description":"The URL of the WebSite / WebApp that should be permitted to subscribe to WebPush.","description_kind":"plain","computed":true}},"description_kind":"plain"}},"ibm_resource_group":{"version":0,"block":{"attributes":{"id":{"type":"string","description_kind":"plain","optional":true,"computed":true},"is_default":{"type":"bool","description":"Default Resource group","description_kind":"plain","optional":true},"name":{"type":"string","description":"Resource group name","description_kind":"plain","optional":true}},"description_kind":"plain"}},"ibm_resource_instance":{"version":0,"block":{"attributes":{"crn":{"type":"string","description":"CRN of resource instance","description_kind":"plain","computed":true},"extensions":{"type":["map","string"],"description":"The extended metadata as a map associated with the resource instance.","description_kind":"plain","computed":true},"guid":{"type":"string","description":"Guid of resource instance","description_kind":"plain","computed":true},"id":{"type":"string","description_kind":"plain","optional":true,"computed":true},"location":{"type":"string","description":"The location or the environment in which instance exists","description_kind":"plain","optional":true,"computed":true},"name":{"type":"string","description":"Resource instance name for example, myobjectstorage","description_kind":"plain","required":true},"plan":{"type":"string","description":"The plan type of the instance","description_kind":"plain","computed":true},"resource_controller_url":{"type":"string","description":"The URL of the IBM Cloud dashboard that can be used to explore and view details about the resource","description_kind":"plain","computed":true},"resource_crn":{"type":"string","description":"The crn of the resource","description_kind":"plain","computed":true},"resource_group_id":{"type":"string","description":"The id of the resource group in which the instance is present","description_kind":"plain","optional":true,"computed":true},"resource_group_name":{"type":"string","description":"The resource group name in which resource is provisioned","description_kind":"plain","computed":true},"resource_name":{"type":"string","description":"The name of the resource","description_kind":"plain","computed":true},"resource_status":{"type":"string","description":"The status of the resource","description_kind":"plain","computed":true},"service":{"type":"string","description":"The service type of the instance","description_kind":"plain","optional":true,"computed":true},"status":{"type":"string","description":"The resource instance status","description_kind":"plain","computed":true},"tags":{"type":["set","string"],"description":"Tags of Resource Instance","description_kind":"plain","computed":true}},"description_kind":"plain"}},"ibm_resource_key":{"version":0,"block":{"attributes":{"credentials":{"type":["map","string"],"description":"Credentials asociated with the key","description_kind":"plain","computed":true,"sensitive":true},"crn":{"type":"string","description":"crn of resource key","description_kind":"plain","computed":true},"id":{"type":"string","description_kind":"plain","optional":true,"computed":true},"most_recent":{"type":"bool","description":"If true and multiple entries are found, the most recently created resource key is used. If false, an error is returned","description_kind":"plain","optional":true},"name":{"type":"string","description":"The name of the resource key","description_kind":"plain","required":true},"resource_alias_id":{"type":"string","description":"The id of the resource alias","description_kind":"plain","optional":true},"resource_instance_id":{"type":"string","description":"The id of the resource instance","description_kind":"plain","optional":true},"role":{"type":"string","description":"User role","description_kind":"plain","computed":true},"status":{"type":"string","description":"Status of resource key","description_kind":"plain","computed":true}},"description_kind":"plain"}},"ibm_resource_quota":{"version":0,"block":{"attributes":{"id":{"type":"string","description_kind":"plain","optional":true,"computed":true},"max_app_instance_memory":{"type":"string","description":"Defines the total memory of app instance.","description_kind":"plain","computed":true},"max_apps":{"type":"number","description":"Defines the total app limit.","description_kind":"plain","computed":true},"max_instances_per_app":{"type":"number","description":"Defines the total instances limit per app.","description_kind":"plain","computed":true},"max_service_instances":{"type":"number","description":"Defines the total service instances limit.","description_kind":"plain","computed":true},"name":{"type":"string","description":"Resource quota name, for example Trial Quota","description_kind":"plain","required":true},"total_app_memory":{"type":"string","description":"Defines the total memory for app.","description_kind":"plain","computed":true},"type":{"type":"string","description":"Type of the quota.","description_kind":"plain","computed":true},"vsi_limit":{"type":"number","description":"Defines the VSI limit.","description_kind":"plain","computed":true}},"description_kind":"plain"}},"ibm_resource_tag":{"version":0,"block":{"attributes":{"id":{"type":"string","description_kind":"plain","optional":true,"computed":true},"resource_id":{"type":"string","description":"CRN of the resource on which the tags should be attached","description_kind":"plain","required":true},"resource_type":{"type":"string","description":"Resource type on which the tags should be fetched","description_kind":"plain","optional":true},"tags":{"type":["set","string"],"description":"List of tags associated with resource instance","description_kind":"plain","computed":true}},"description_kind":"plain"}},"ibm_satellite_attach_host_script":{"version":0,"block":{"attributes":{"description":{"type":"string","description":"A unique name for the new Satellite location","description_kind":"plain","computed":true},"host_provider":{"type":"string","description_kind":"plain","required":true},"host_script":{"type":"string","description":"Attach host script content","description_kind":"plain","computed":true},"id":{"type":"string","description_kind":"plain","optional":true,"computed":true},"labels":{"type":["set","string"],"description":"List of labels for the attach host","description_kind":"plain","optional":true},"location":{"type":"string","description":"A unique name for the new Satellite location","description_kind":"plain","required":true},"script_dir":{"type":"string","description":"The directory where the satellite attach host script to be downloaded. Default is home directory","description_kind":"plain","optional":true,"computed":true},"script_path":{"type":"string","description":"The absolute path to the generated host script file","description_kind":"plain","computed":true}},"description_kind":"plain"}},"ibm_satellite_cluster":{"version":0,"block":{"attributes":{"crn":{"type":"string","description":"CRN of resource instance","description_kind":"plain","computed":true},"health":{"type":"string","description_kind":"plain","computed":true},"id":{"type":"string","description_kind":"plain","optional":true,"computed":true},"ingress_hostname":{"type":"string","description_kind":"plain","computed":true},"ingress_secret":{"type":"string","description_kind":"plain","computed":true,"sensitive":true},"kube_version":{"type":"string","description":"Kubernetes version","description_kind":"plain","computed":true},"location":{"type":"string","description":"Name or id of the location","description_kind":"plain","computed":true},"name":{"type":"string","description":"Name or id of the cluster","description_kind":"plain","required":true},"private_service_endpoint":{"type":"bool","description_kind":"plain","computed":true},"private_service_endpoint_url":{"type":"string","description_kind":"plain","computed":true},"public_service_endpoint":{"type":"bool","description_kind":"plain","computed":true},"public_service_endpoint_url":{"type":"string","description_kind":"plain","computed":true},"resource_group_id":{"type":"string","description":"ID of the resource group.","description_kind":"plain","optional":true,"computed":true},"resource_group_name":{"type":"string","description":"The resource group name in which resource is provisioned","description_kind":"plain","computed":true},"server_url":{"type":"string","description":"The server URL","description_kind":"plain","computed":true},"state":{"type":"string","description":"The lifecycle state of the cluster","description_kind":"plain","computed":true},"status":{"type":"string","description":"The status of the cluster","description_kind":"plain","computed":true},"tags":{"type":["set","string"],"description_kind":"plain","computed":true},"worker_count":{"type":"number","description":"Number of workers","description_kind":"plain","computed":true},"worker_pools":{"type":["list",["object",{"default_worker_pool_labels":["map","string"],"flavour":"string","host_labels":["map","string"],"id":"string","isolation":"string","name":"string","size_per_zone":"number","state":"string","zones":["list",["object",{"worker_count":"number","zone":"string"}]]}]],"description_kind":"plain","computed":true},"workers":{"type":["list","string"],"description_kind":"plain","computed":true}},"description_kind":"plain"}},"ibm_satellite_cluster_worker_pool":{"version":0,"block":{"attributes":{"auto_scale_enabled":{"type":"bool","description":"Enable auto scalling for worker pool","description_kind":"plain","computed":true},"cluster":{"type":"string","description":"Cluster name","description_kind":"plain","required":true},"flavor":{"type":"string","description":"The flavor of the satellite worker node","description_kind":"plain","computed":true},"host_labels":{"type":["map","string"],"description":"Host labels on the workers","description_kind":"plain","computed":true},"id":{"type":"string","description_kind":"plain","optional":true,"computed":true},"isolation":{"type":"string","description":"Isolation of the worker node","description_kind":"plain","computed":true},"name":{"type":"string","description":"worker pool name","description_kind":"plain","required":true},"region":{"type":"string","description":"Name of the region","description_kind":"plain","optional":true,"computed":true},"resource_group_id":{"type":"string","description":"ID of the resource group","description_kind":"plain","optional":true,"computed":true},"state":{"type":"string","description":"The state of the worker pool","description_kind":"plain","computed":true},"worker_count":{"type":"number","description":"The number of workers that are attached","description_kind":"plain","computed":true},"worker_pool_labels":{"type":["map","string"],"description":"Labels on all the workers in the worker pool","description_kind":"plain","computed":true},"zones":{"type":["set",["object",{"worker_count":"number","zone":"string"}]],"description_kind":"plain","computed":true}},"description_kind":"plain"}},"ibm_satellite_location":{"version":0,"block":{"attributes":{"created_on":{"type":"string","description":"Created Date","description_kind":"plain","computed":true},"crn":{"type":"string","description":"Location CRN","description_kind":"plain","computed":true},"description":{"type":"string","description":"A description of the new Satellite location","description_kind":"plain","computed":true},"host_attached_count":{"type":"number","description":"The total number of hosts that are attached to the Satellite location.","description_kind":"plain","computed":true},"host_available_count":{"type":"number","description":"The available number of hosts that can be assigned to a cluster resource in the Satellite location.","description_kind":"plain","computed":true},"id":{"type":"string","description_kind":"plain","optional":true,"computed":true},"ingress_hostname":{"type":"string","description_kind":"plain","computed":true},"ingress_secret":{"type":"string","description_kind":"plain","computed":true,"sensitive":true},"location":{"type":"string","description":"A unique name for the new Satellite location","description_kind":"plain","required":true},"logging_account_id":{"type":"string","description":"The account ID for IBM Log Analysis with LogDNA log forwarding","description_kind":"plain","computed":true},"managed_from":{"type":"string","description":"The IBM Cloud metro from which the Satellite location is managed","description_kind":"plain","computed":true},"resource_group_id":{"type":"string","description":"ID of the resource group","description_kind":"plain","computed":true},"resource_group_name":{"type":"string","description":"Name of the resource group","description_kind":"plain","computed":true},"tags":{"type":["set","string"],"description_kind":"plain","computed":true},"zones":{"type":["set","string"],"description":"The names of at least three high availability zones to use for the location","description_kind":"plain","computed":true}},"description_kind":"plain"}},"ibm_schematics_action":{"version":0,"block":{"attributes":{"account":{"type":"string","description":"Action account ID.","description_kind":"plain","computed":true},"action_id":{"type":"string","description":"Use GET or actions API to look up the action IDs in your IBM Cloud account.","description_kind":"plain","required":true},"action_inputs":{"type":["list",["object",{"link":"string","metadata":["list",["object",{"aliases":["list","string"],"default_value":"string","description":"string","group_by":"string","hidden":"bool","immutable":"bool","matches":"string","max_length":"number","max_value":"number","min_length":"number","min_value":"number","options":["list","string"],"position":"number","secure":"bool","source":"string","type":"string"}]],"name":"string","value":"string"}]],"description":"Input variables for an action.","description_kind":"plain","computed":true},"action_outputs":{"type":["list",["object",{"link":"string","metadata":["list",["object",{"aliases":["list","string"],"default_value":"string","description":"string","group_by":"string","hidden":"bool","immutable":"bool","matches":"string","max_length":"number","max_value":"number","min_length":"number","min_value":"number","options":["list","string"],"position":"number","secure":"bool","source":"string","type":"string"}]],"name":"string","value":"string"}]],"description":"Output variables for an action.","description_kind":"plain","computed":true},"bastion":{"type":["list",["object",{"created_at":"string","created_by":"string","credential_ref":"string","description":"string","id":"string","name":"string","resource_ids":["list","string"],"resource_query":"string","sys_lock":["list",["object",{"sys_locked":"bool","sys_locked_at":"string","sys_locked_by":"string"}]],"type":"string","updated_at":"string","updated_by":"string"}]],"description":"Complete target details with the user inputs and the system generated data.","description_kind":"plain","computed":true},"command_parameter":{"type":"string","description":"Schematics job command parameter (playbook-name, capsule-name or flow-name).","description_kind":"plain","computed":true},"created_at":{"type":"string","description":"Action creation time.","description_kind":"plain","computed":true},"created_by":{"type":"string","description":"E-mail address of the user who created an action.","description_kind":"plain","computed":true},"credentials":{"type":["list",["object",{"link":"string","metadata":["list",["object",{"aliases":["list","string"],"default_value":"string","description":"string","group_by":"string","hidden":"bool","immutable":"bool","matches":"string","max_length":"number","max_value":"number","min_length":"number","min_value":"number","options":["list","string"],"position":"number","secure":"bool","source":"string","type":"string"}]],"name":"string","value":"string"}]],"description":"credentials of the Action.","description_kind":"plain","computed":true},"crn":{"type":"string","description":"Action Cloud Resource Name.","description_kind":"plain","computed":true},"description":{"type":"string","description":"Action description.","description_kind":"plain","computed":true},"id":{"type":"string","description":"Action Id.","description_kind":"plain","computed":true},"location":{"type":"string","description":"List of action locations supported by IBM Cloud Schematics service.  **Note** this does not limit the location of the resources provisioned using Schematics.","description_kind":"plain","computed":true},"name":{"type":"string","description":"Action name (unique for an account).","description_kind":"plain","computed":true},"namespace":{"type":"string","description":"Name of the namespace.","description_kind":"plain","computed":true},"playbook_names":{"type":["list","string"],"description":"Playbook names retrieved from the respository.","description_kind":"plain","computed":true},"resource_group":{"type":"string","description":"Resource-group name for an action.  By default, action is created in default resource group.","description_kind":"plain","computed":true},"settings":{"type":["list",["object",{"link":"string","metadata":["list",["object",{"aliases":["list","string"],"default_value":"string","description":"string","group_by":"string","hidden":"bool","immutable":"bool","matches":"string","max_length":"number","max_value":"number","min_length":"number","min_value":"number","options":["list","string"],"position":"number","secure":"bool","source":"string","type":"string"}]],"name":"string","value":"string"}]],"description":"Environment variables for an action.","description_kind":"plain","computed":true},"source":{"type":["list",["object",{"git":["list",["object",{"git_branch":"string","git_release":"string","git_repo_folder":"string","git_repo_url":"string","git_token":"string"}]],"source_type":"string"}]],"description":"Source of templates, playbooks, or controls.","description_kind":"plain","computed":true},"source_created_at":{"type":"string","description":"Action Playbook Source creation time.","description_kind":"plain","computed":true},"source_created_by":{"type":"string","description":"E-mail address of user who created the Action Playbook Source.","description_kind":"plain","computed":true},"source_readme_url":{"type":"string","description":"URL of the `README` file, for the source.","description_kind":"plain","computed":true},"source_type":{"type":"string","description":"Type of source for the Template.","description_kind":"plain","computed":true},"source_updated_at":{"type":"string","description":"The action playbook updation time.","description_kind":"plain","computed":true},"source_updated_by":{"type":"string","description":"E-mail address of user who updated the action playbook source.","description_kind":"plain","computed":true},"state":{"type":["list",["object",{"status_code":"string","status_job_id":"string","status_message":"string"}]],"description":"Computed state of an action.","description_kind":"plain","computed":true},"sys_lock":{"type":["list",["object",{"sys_locked":"bool","sys_locked_at":"string","sys_locked_by":"string"}]],"description":"System lock status.","description_kind":"plain","computed":true},"tags":{"type":["list","string"],"description":"Action tags.","description_kind":"plain","computed":true},"targets_ini":{"type":"string","description":"Inventory of host and host group for the playbook in `INI` file format. For example, `\"targets_ini\": \"[webserverhost]  172.22.192.6  [dbhost]  172.22.192.5\"`. For more information, about an inventory host group syntax, see [Inventory host groups](/docs/schematics?topic=schematics-schematics-cli-reference#schematics-inventory-host-grps).","description_kind":"plain","computed":true},"trigger_record_id":{"type":"string","description":"ID to the trigger.","description_kind":"plain","computed":true},"updated_at":{"type":"string","description":"Action updation time.","description_kind":"plain","computed":true},"updated_by":{"type":"string","description":"E-mail address of the user who updated an action.","description_kind":"plain","computed":true},"user_state":{"type":["list",["object",{"set_at":"string","set_by":"string","state":"string"}]],"description":"User defined status of the Schematics object.","description_kind":"plain","computed":true}},"description_kind":"plain"}},"ibm_schematics_job":{"version":0,"block":{"attributes":{"bastion":{"type":["list",["object",{"created_at":"string","created_by":"string","credential_ref":"string","description":"string","id":"string","name":"string","resource_ids":["list","string"],"resource_query":"string","sys_lock":["list",["object",{"sys_locked":"bool","sys_locked_at":"string","sys_locked_by":"string"}]],"type":"string","updated_at":"string","updated_by":"string"}]],"description":"Complete target details with the user inputs and the system generated data.","description_kind":"plain","computed":true},"command_name":{"type":"string","description":"Schematics job command name.","description_kind":"plain","computed":true},"command_object":{"type":"string","description":"Name of the Schematics automation resource.","description_kind":"plain","computed":true},"command_object_id":{"type":"string","description":"Job command object ID (`workspace-id, action-id or control-id`).","description_kind":"plain","computed":true},"command_options":{"type":["list","string"],"description":"Command line options for the command.","description_kind":"plain","computed":true},"data":{"type":["list",["object",{"action_job_data":["list",["object",{"action_name":"string","inputs":["list",["object",{"link":"string","metadata":["list",["object",{"aliases":["list","string"],"default_value":"string","description":"string","group_by":"string","hidden":"bool","immutable":"bool","matches":"string","max_length":"number","max_value":"number","min_length":"number","min_value":"number","options":["list","string"],"position":"number","secure":"bool","source":"string","type":"string"}]],"name":"string","value":"string"}]],"outputs":["list",["object",{"link":"string","metadata":["list",["object",{"aliases":["list","string"],"default_value":"string","description":"string","group_by":"string","hidden":"bool","immutable":"bool","matches":"string","max_length":"number","max_value":"number","min_length":"number","min_value":"number","options":["list","string"],"position":"number","secure":"bool","source":"string","type":"string"}]],"name":"string","value":"string"}]],"settings":["list",["object",{"link":"string","metadata":["list",["object",{"aliases":["list","string"],"default_value":"string","description":"string","group_by":"string","hidden":"bool","immutable":"bool","matches":"string","max_length":"number","max_value":"number","min_length":"number","min_value":"number","options":["list","string"],"position":"number","secure":"bool","source":"string","type":"string"}]],"name":"string","value":"string"}]],"updated_at":"string"}]],"job_type":"string"}]],"description":"Job data.","description_kind":"plain","computed":true},"description":{"type":"string","description":"Job description derived from the related action.","description_kind":"plain","computed":true},"duration":{"type":"string","description":"Duration of job execution, for example, `40 sec`.","description_kind":"plain","computed":true},"end_at":{"type":"string","description":"Job end time.","description_kind":"plain","computed":true},"id":{"type":"string","description":"Job ID.","description_kind":"plain","computed":true},"job_env_settings":{"type":["list",["object",{"link":"string","metadata":["list",["object",{"aliases":["list","string"],"default_value":"string","description":"string","group_by":"string","hidden":"bool","immutable":"bool","matches":"string","max_length":"number","max_value":"number","min_length":"number","min_value":"number","options":["list","string"],"position":"number","secure":"bool","source":"string","type":"string"}]],"name":"string","value":"string"}]],"description":"Environment variables used by the job while performing an action.","description_kind":"plain","computed":true},"job_id":{"type":"string","description":"Use GET jobs API to look up the Job IDs in your IBM Cloud account.","description_kind":"plain","required":true},"job_inputs":{"type":["list",["object",{"link":"string","metadata":["list",["object",{"aliases":["list","string"],"default_value":"string","description":"string","group_by":"string","hidden":"bool","immutable":"bool","matches":"string","max_length":"number","max_value":"number","min_length":"number","min_value":"number","options":["list","string"],"position":"number","secure":"bool","source":"string","type":"string"}]],"name":"string","value":"string"}]],"description":"Job inputs used by an action.","description_kind":"plain","computed":true},"job_log_summary":{"type":["list",["object",{"action_job":["list",["object",{"play_count":"number","recap":["list",["object",{"changed":"number","failed":"number","ok":"number","skipped":"number","target":["list","string"],"unreachable":"number"}]],"target_count":"number","task_count":"number"}]],"elapsed_time":"number","job_id":"string","job_type":"string","log_analyzed_till":"string","log_errors":["list",["object",{"error_code":"string","error_count":"number","error_msg":"string"}]],"log_start_at":"string","repo_download_job":["list",["object",{"detected_filetype":"string","inputs_count":"string","outputs_count":"string","quarantined_file_count":"number","scanned_file_count":"number"}]]}]],"description":"Job log summary record.","description_kind":"plain","computed":true},"location":{"type":"string","description":"List of action locations supported by IBM Cloud Schematics service.  **Note** this does not limit the location of the resources provisioned using Schematics.","description_kind":"plain","computed":true},"log_store_url":{"type":"string","description":"Job log store URL.","description_kind":"plain","computed":true},"name":{"type":"string","description":"Job name, uniquely derived from the related action.","description_kind":"plain","computed":true},"resource_group":{"type":"string","description":"Resource group name derived from the related action.","description_kind":"plain","computed":true},"results_url":{"type":"string","description":"Job results store URL.","description_kind":"plain","computed":true},"start_at":{"type":"string","description":"Job start time.","description_kind":"plain","computed":true},"state_store_url":{"type":"string","description":"Job state store URL.","description_kind":"plain","computed":true},"status":{"type":["list",["object",{"action_job_status":["list",["object",{"action_name":"string","bastion_status_code":"string","bastion_status_message":"string","status_code":"string","status_message":"string","targets_status_code":"string","targets_status_message":"string","updated_at":"string"}]]}]],"description":"Job Status.","description_kind":"plain","computed":true},"submitted_at":{"type":"string","description":"Job submission time.","description_kind":"plain","computed":true},"submitted_by":{"type":"string","description":"E-mail address of the user who submitted the job.","description_kind":"plain","computed":true},"tags":{"type":["list","string"],"description":"User defined tags, while running the job.","description_kind":"plain","computed":true},"targets_ini":{"type":"string","description":"Inventory of host and host group for the playbook in `INI` file format. For example, `\"targets_ini\": \"[webserverhost]  172.22.192.6  [dbhost]  172.22.192.5\"`. For more information, about an inventory host group syntax, see [Inventory host groups](/docs/schematics?topic=schematics-schematics-cli-reference#schematics-inventory-host-grps).","description_kind":"plain","computed":true},"updated_at":{"type":"string","description":"Job status updation timestamp.","description_kind":"plain","computed":true}},"description_kind":"plain"}},"ibm_schematics_output":{"version":0,"block":{"attributes":{"id":{"type":"string","description_kind":"plain","optional":true,"computed":true},"output_json":{"type":"string","description":"The json output in string","description_kind":"plain","optional":true},"output_values":{"type":["map","string"],"description_kind":"plain","computed":true},"resource_controller_url":{"type":"string","description":"The URL of the IBM Cloud dashboard that can be used to explore and view details about this Workspace","description_kind":"plain","computed":true},"template_id":{"type":"string","description":"The id of template","description_kind":"plain","required":true},"workspace_id":{"type":"string","description":"The ID of the workspace for which you want to retrieve output values. To find the workspace ID, use the `GET /workspaces` API.","description_kind":"plain","required":true}},"description_kind":"plain"}},"ibm_schematics_state":{"version":0,"block":{"attributes":{"id":{"type":"string","description_kind":"plain","optional":true,"computed":true},"resource_controller_url":{"type":"string","description":"The URL of the IBM Cloud dashboard that can be used to explore and view details about this workspace","description_kind":"plain","computed":true},"state_store":{"type":"string","description_kind":"plain","computed":true},"state_store_json":{"type":"string","description_kind":"plain","computed":true},"template_id":{"type":"string","description":"The ID of the Terraform template for which you want to retrieve the Terraform statefile. When you create a workspace, the Terraform template that your workspace points to is assigned a unique ID. To find this ID, use the `GET /v1/workspaces` API and review the `template_data.id` value.","description_kind":"plain","required":true},"workspace_id":{"type":"string","description":"The ID of the workspace for which you want to retrieve the Terraform statefile. To find the workspace ID, use the `GET /v1/workspaces` API.","description_kind":"plain","required":true}},"description_kind":"plain"}},"ibm_schematics_workspace":{"version":0,"block":{"attributes":{"applied_shareddata_ids":{"type":["list","string"],"description":"List of applied shared dataset id.","description_kind":"plain","computed":true},"catalog_ref":{"type":["list",["object",{"dry_run":"bool","item_icon_url":"string","item_id":"string","item_name":"string","item_readme_url":"string","item_url":"string","launch_url":"string","offering_version":"string"}]],"description":"Information about the software template that you chose from the IBM Cloud catalog. This information is returned for IBM Cloud catalog offerings only.","description_kind":"plain","computed":true},"created_at":{"type":"string","description":"The timestamp when the workspace was created.","description_kind":"plain","computed":true},"created_by":{"type":"string","description":"The user ID that created the workspace.","description_kind":"plain","computed":true},"crn":{"type":"string","description":"Workspace CRN.","description_kind":"plain","computed":true},"description":{"type":"string","description":"The description of the workspace.","description_kind":"plain","computed":true},"frozen":{"type":"bool","description":"If set to true, the workspace is frozen and changes to the workspace are disabled.","description_kind":"plain","computed":true},"frozen_at":{"type":"string","description":"The timestamp when the workspace was frozen.","description_kind":"plain","computed":true},"frozen_by":{"type":"string","description":"The user ID that froze the workspace.","description_kind":"plain","computed":true},"id":{"type":"string","description_kind":"plain","optional":true,"computed":true},"is_frozen":{"type":"bool","description_kind":"plain","deprecated":true,"computed":true},"is_locked":{"type":"bool","description":"If set to true, the workspace is locked and disabled for changes.","description_kind":"plain","deprecated":true,"computed":true},"last_health_check_at":{"type":"string","description":"The timestamp when the last health check was performed by Schematics.","description_kind":"plain","computed":true},"location":{"type":"string","description":"The IBM Cloud location where your workspace was provisioned.","description_kind":"plain","computed":true},"locked":{"type":"bool","description":"If set to true, the workspace is locked and disabled for changes.","description_kind":"plain","computed":true},"locked_by":{"type":"string","description":"The user ID that initiated a resource-related action, such as applying or destroying resources, that locked the workspace.","description_kind":"plain","computed":true},"locked_time":{"type":"string","description":"The timestamp when the workspace was locked.","description_kind":"plain","computed":true},"name":{"type":"string","description":"The name of the workspace.","description_kind":"plain","computed":true},"resource_controller_url":{"type":"string","description":"The URL of the IBM Cloud dashboard that can be used to explore and view details about this workspace","description_kind":"plain","computed":true},"resource_group":{"type":"string","description":"The resource group the workspace was provisioned in.","description_kind":"plain","computed":true},"runtime_data":{"type":["list",["object",{"engine_cmd":"string","engine_name":"string","engine_version":"string","id":"string","log_store_url":"string","output_values":["list",["map","string"]],"resources":["list",["map","string"]],"state_store_url":"string"}]],"description":"Information about the provisioning engine, state file, and runtime logs.","description_kind":"plain","computed":true},"shared_data":{"type":["list",["object",{"cluster_id":"string","cluster_name":"string","entitlement_keys":["list",["map","string"]],"namespace":"string","region":"string","resource_group_id":"string"}]],"description":"Information that is shared across templates in IBM Cloud catalog offerings. This information is not provided when you create a workspace from your own Terraform template.","description_kind":"plain","computed":true},"status":{"type":"string","description":"The status of the workspace.  **Active**: After you successfully ran your infrastructure code by applying your Terraform execution plan, the state of your workspace changes to `Active`.  **Connecting**: Schematics tries to connect to the template in your source repo. If successfully connected, the template is downloaded and metadata, such as input parameters, is extracted. After the template is downloaded, the state of the workspace changes to `Scanning`.  **Draft**: The workspace is created without a reference to a GitHub or GitLab repository.  **Failed**: If errors occur during the execution of your infrastructure code in IBM Cloud Schematics, your workspace status is set to `Failed`.  **Inactive**: The Terraform template was scanned successfully and the workspace creation is complete. You can now start running Schematics plan and apply actions to provision the IBM Cloud resources that you specified in your template. If you have an `Active` workspace and decide to remove all your resources, your workspace is set to `Inactive` after all your resources are removed.  **In progress**: When you instruct IBM Cloud Schematics to run your infrastructure code by applying your Terraform execution plan, the status of our workspace changes to `In progress`.  **Scanning**: The download of the Terraform template is complete and vulnerability scanning started. If the scan is successful, the workspace state changes to `Inactive`. If errors in your template are found, the state changes to `Template Error`.  **Stopped**: The Schematics plan, apply, or destroy action was cancelled manually.  **Template Error**: The Schematics template contains errors and cannot be processed.","description_kind":"plain","computed":true},"status_code":{"type":"string","description":"The success or error code that was returned for the last plan, apply, or destroy action that ran against your workspace.","description_kind":"plain","computed":true},"status_msg":{"type":"string","description":"The success or error message that was returned for the last plan, apply, or destroy action that ran against your workspace.","description_kind":"plain","computed":true},"tags":{"type":["list","string"],"description":"A list of tags that are associated with the workspace.","description_kind":"plain","computed":true},"template_env_settings":{"type":["list",["object",{"hidden":"bool","name":"string","secure":"bool","value":"string"}]],"description":"List of environment values.","description_kind":"plain","computed":true},"template_git_branch":{"type":"string","description":"The branch in GitHub where your Terraform template is stored.","description_kind":"plain","computed":true},"template_git_folder":{"type":"string","description":"The subfolder in your GitHub or GitLab repository where your Terraform template is stored. If your template is stored in the root directory, `.` is returned.","description_kind":"plain","computed":true},"template_git_full_url":{"type":"string","description":"Full repo URL.","description_kind":"plain","computed":true},"template_git_has_uploadedgitrepotar":{"type":"bool","description":"Has uploaded git repo tar.","description_kind":"plain","optional":true,"computed":true},"template_git_release":{"type":"string","description":"The release tag in GitHub of your Terraform template.","description_kind":"plain","computed":true},"template_git_repo_sha_value":{"type":"string","description":"Repo SHA value.","description_kind":"plain","computed":true},"template_git_repo_url":{"type":"string","description":"The URL to the repository where the IBM Cloud catalog software template is stored.","description_kind":"plain","computed":true},"template_git_url":{"type":"string","description":"The URL to the GitHub or GitLab repository where your Terraform template is stored.","description_kind":"plain","computed":true},"template_init_state_file":{"type":"string","description":"Init state file.","description_kind":"plain","computed":true},"template_inputs":{"type":["list",["object",{"description":"string","name":"string","secure":"bool","type":"string","use_default":"bool","value":"string"}]],"description":"Information about the input variables that your template uses.","description_kind":"plain","computed":true},"template_ref":{"type":"string","description":"Workspace template ref.","description_kind":"plain","computed":true},"template_type":{"type":"string","description":"The Terraform version that was used to run your Terraform code.","description_kind":"plain","computed":true},"template_uninstall_script_name":{"type":"string","description":"Uninstall script name.","description_kind":"plain","computed":true},"template_values":{"type":"string","description":"A list of variable values that you want to apply during the Helm chart installation. The list must be provided in JSON format, such as `\"\"autoscaling:  enabled: true  minReplicas: 2\"`. The values that you define here override the default Helm chart values. This field is supported only for IBM Cloud catalog offerings that are provisioned by using the Terraform Helm provider.","description_kind":"plain","computed":true},"template_values_metadata":{"type":["list",["map","string"]],"description":"A list of input variables that are associated with the workspace.","description_kind":"plain","optional":true,"computed":true},"updated_at":{"type":"string","description":"The timestamp when the workspace was last updated.","description_kind":"plain","computed":true},"updated_by":{"type":"string","description":"The user ID that updated the workspace.","description_kind":"plain","computed":true},"workspace_id":{"type":"string","description":"The ID of the workspace for which you want to retrieve detailed information. To find the workspace ID, use the `GET /v1/workspaces` API.","description_kind":"plain","required":true}},"description_kind":"plain"}},"ibm_secrets_manager_secret":{"version":0,"block":{"attributes":{"access_groups":{"type":["list","string"],"description":"The access groups that define the capabilities of the service ID and API key that are generated for an`iam_credentials` secret.**Tip:** To find the ID of an access group, go to **Manage \u003e Access (IAM) \u003e Access groups** in the IBM Cloud console. Select the access group to inspect, and click **Details** to view its ID.","description_kind":"plain","computed":true},"api_key":{"type":"string","description":"The API key that is generated for this secret.After the secret reaches the end of its lease (see the `ttl` field), the API key is deleted automatically. If you want to continue to use the same API key for future read operations, see the `reuse_api_key` field.","description_kind":"plain","computed":true,"sensitive":true},"created_by":{"type":"string","description":"The unique identifier for the entity that created the secret.","description_kind":"plain","computed":true},"creation_date":{"type":"string","description":"The date the secret was created. The date format follows RFC 3339.","description_kind":"plain","computed":true},"crn":{"type":"string","description":"The Cloud Resource Name (CRN) that uniquely identifies your Secrets Manager resource.","description_kind":"plain","computed":true},"description":{"type":"string","description":"An extended description of your secret.To protect your privacy, do not use personal data, such as your name or location, as a description for your secret.","description_kind":"plain","computed":true},"endpoint_type":{"type":"string","description":"Endpoint Type. 'public' or 'private'","description_kind":"plain","optional":true},"expiration_date":{"type":"string","description":"The date the secret material expires. The date format follows RFC 3339.You can set an expiration date on supported secret types at their creation. If you create a secret without specifying an expiration date, the secret does not expire. The `expiration_date` field is supported for the following secret types:- `arbitrary`- `username_password`.","description_kind":"plain","computed":true},"id":{"type":"string","description_kind":"plain","optional":true,"computed":true},"instance_id":{"type":"string","description":"Secrets Manager instance GUID","description_kind":"plain","required":true},"labels":{"type":["list","string"],"description":"Labels that you can use to filter for secrets in your instance.Up to 30 labels can be created. Labels can be between 2-30 characters, including spaces. Special characters not permitted include the angled bracket, comma, colon, ampersand, and vertical pipe character (|).To protect your privacy, do not use personal data, such as your name or location, as a label for your secret.","description_kind":"plain","computed":true},"last_update_date":{"type":"string","description":"Updates when the actual secret is modified. The date format follows RFC 3339.","description_kind":"plain","computed":true},"metadata":{"type":["list",["object",{"collection_total":"number","collection_type":"string"}]],"description":"The metadata that describes the resource array.","description_kind":"plain","computed":true},"name":{"type":"string","description":"A human-readable alias to assign to your secret.To protect your privacy, do not use personal data, such as your name or location, as an alias for your secret.","description_kind":"plain","computed":true},"next_rotation_date":{"type":"string","description":"The date that the secret is scheduled for automatic rotation.The service automatically creates a new version of the secret on its next rotation date. This field exists only for secrets that can be auto-rotated and have an existing rotation policy.","description_kind":"plain","computed":true},"password":{"type":"string","description":"The password to assign to this secret.","description_kind":"plain","computed":true,"sensitive":true},"payload":{"type":"string","description":"The new secret data to assign to an `arbitrary` secret.","description_kind":"plain","computed":true,"sensitive":true},"reuse_api_key":{"type":"bool","description":"(IAM credentials) Reuse the service ID and API key for future read operations.","description_kind":"plain","computed":true},"secret_data":{"type":["map","string"],"description":"The secret data object","description_kind":"plain","computed":true,"sensitive":true},"secret_group_id":{"type":"string","description":"The v4 UUID that uniquely identifies the secret group to assign to this secret.If you omit this parameter, your secret is assigned to the `default` secret group.","description_kind":"plain","computed":true},"secret_id":{"type":"string","description":"The v4 UUID that uniquely identifies the secret.","description_kind":"plain","required":true},"secret_type":{"type":"string","description":"The secret type. Supported options include: arbitrary, iam_credentials, username_password.","description_kind":"plain","required":true},"service_id":{"type":"string","description":"The service ID under which the API key (see the `api_key` field) is created. This service ID is added to the access groups that you assign for this secret.","description_kind":"plain","computed":true},"state":{"type":"number","description":"The secret state based on NIST SP 800-57. States are integers and correspond to the Pre-activation = 0, Active = 1,  Suspended = 2, Deactivated = 3, and Destroyed = 5 values.","description_kind":"plain","computed":true},"state_description":{"type":"string","description":"A text representation of the secret state.","description_kind":"plain","computed":true},"ttl":{"type":"string","description":"The time-to-live (TTL) or lease duration to assign to generated credentials.For `iam_credentials` secrets, the TTL defines for how long each generated API key remains valid. The value can be either an integer that specifies the number of seconds, or the string representation of a duration, such as `120m` or `24h`.","description_kind":"plain","computed":true},"type":{"type":"string","description":"The MIME type that represents the secret.","description_kind":"plain","computed":true},"username":{"type":"string","description":"The username to assign to this secret.","description_kind":"plain","computed":true,"sensitive":true},"versions":{"type":["list",["object",{"auto_rotated":"bool","created_by":"string","creation_date":"string","id":"string"}]],"description":"An array that contains metadata for each secret version.","description_kind":"plain","computed":true}},"description_kind":"plain"}},"ibm_secrets_manager_secrets":{"version":0,"block":{"attributes":{"endpoint_type":{"type":"string","description":"Endpoint Type. 'public' or 'private'","description_kind":"plain","optional":true},"id":{"type":"string","description_kind":"plain","optional":true,"computed":true},"instance_id":{"type":"string","description":"Secrets Manager instance GUID","description_kind":"plain","required":true},"metadata":{"type":["list",["object",{"collection_total":"number","collection_type":"string"}]],"description":"The metadata that describes the resource array.","description_kind":"plain","computed":true},"secret_type":{"type":"string","description":"The secret type. Supported options include: arbitrary, iam_credentials, username_password.","description_kind":"plain","optional":true},"secrets":{"type":["list",["object",{"access_groups":["list","string"],"api_key":"string","created_by":"string","creation_date":"string","crn":"string","description":"string","expiration_date":"string","labels":["list","string"],"last_update_date":"string","name":"string","next_rotation_date":"string","password":"string","payload":"string","reuse_api_key":"bool","secret_data":["map","string"],"secret_group_id":"string","secret_id":"string","secret_type":"string","service_id":"string","state":"number","state_description":"string","ttl":"string","type":"string","username":"string","versions":["list",["object",{"auto_rotated":"bool","created_by":"string","creation_date":"string","id":"string"}]]}]],"description":"A collection of secret resources.","description_kind":"plain","computed":true}},"description_kind":"plain"}},"ibm_security_group":{"version":0,"block":{"attributes":{"description":{"type":"string","description":"The description of the security group","description_kind":"plain","optional":true,"computed":true},"id":{"type":"string","description_kind":"plain","optional":true,"computed":true},"most_recent":{"type":"bool","description":"If true and multiple entries are found, the most recently created group is used. If false, an error is returned","description_kind":"plain","optional":true},"name":{"type":"string","description":"The name of the security group","description_kind":"plain","required":true}},"description_kind":"plain"}},"ibm_service_instance":{"version":0,"block":{"attributes":{"credentials":{"type":["map","string"],"description":"The service broker-provided credentials to use this service.","description_kind":"plain","computed":true,"sensitive":true},"id":{"type":"string","description_kind":"plain","optional":true,"computed":true},"name":{"type":"string","description":"Service instance name for example, speech_to_text","description_kind":"plain","required":true},"service_keys":{"type":["list",["object",{"credentials":["map","string"],"name":"string"}]],"description":"Service keys asociated with the service instance","description_kind":"plain","computed":true},"service_plan_guid":{"type":"string","description":"The uniquie identifier of the service offering plan type","description_kind":"plain","computed":true},"space_guid":{"type":"string","description":"The guid of the space in which the instance is present","description_kind":"plain","required":true}},"description_kind":"plain"}},"ibm_service_key":{"version":0,"block":{"attributes":{"credentials":{"type":["map","string"],"description":"Credentials asociated with the key","description_kind":"plain","computed":true,"sensitive":true},"id":{"type":"string","description_kind":"plain","optional":true,"computed":true},"name":{"type":"string","description":"The name of the service key","description_kind":"plain","required":true},"service_instance_name":{"type":"string","description":"Service instance name for example, speech_to_text","description_kind":"plain","required":true},"space_guid":{"type":"string","description":"The guid of the space in which the service instance is present","description_kind":"plain","required":true}},"description_kind":"plain"}},"ibm_service_plan":{"version":0,"block":{"attributes":{"id":{"type":"string","description_kind":"plain","optional":true,"computed":true},"plan":{"type":"string","description":"The plan type ex- shared ","description_kind":"plain","required":true},"service":{"type":"string","description":"Service name for example, cloudantNoSQLDB","description_kind":"plain","required":true}},"description_kind":"plain"}},"ibm_space":{"version":0,"block":{"attributes":{"auditors":{"type":["set","string"],"description":"The IBMID of the users who  have auditor role in this space, ex - user@example.com","description_kind":"plain","computed":true},"developers":{"type":["set","string"],"description":"The IBMID of the users who  have developer role in this space, ex - user@example.com","description_kind":"plain","computed":true},"id":{"type":"string","description_kind":"plain","optional":true,"computed":true},"managers":{"type":["set","string"],"description":"The IBMID of the users who  have manager role in this space, ex - user@example.com","description_kind":"plain","computed":true},"name":{"type":"string","description":"Space name, for example dev","description_kind":"plain","optional":true},"org":{"type":"string","description":"The org this space belongs to","description_kind":"plain","required":true},"space":{"type":"string","description":"Space name, for example dev","description_kind":"plain","deprecated":true,"optional":true}},"description_kind":"plain"}},"ibm_tg_gateway":{"version":0,"block":{"attributes":{"connections":{"type":["list",["object",{"created_at":"string","id":"string","name":"string","network_account_id":"string","network_id":"string","network_type":"string","status":"string","updated_at":"string"}]],"description":"Collection of transit gateway connections","description_kind":"plain","computed":true},"created_at":{"type":"string","description_kind":"plain","computed":true},"crn":{"type":"string","description_kind":"plain","computed":true},"global":{"type":"bool","description_kind":"plain","computed":true},"id":{"type":"string","description_kind":"plain","optional":true,"computed":true},"location":{"type":"string","description_kind":"plain","computed":true},"name":{"type":"string","description":"The Transit Gateway identifier","description_kind":"plain","required":true},"resource_group":{"type":"string","description_kind":"plain","computed":true},"status":{"type":"string","description_kind":"plain","computed":true},"updated_at":{"type":"string","description_kind":"plain","computed":true}},"description_kind":"plain"}},"ibm_tg_gateways":{"version":0,"block":{"attributes":{"id":{"type":"string","description_kind":"plain","optional":true,"computed":true},"transit_gateways":{"type":["list",["object",{"created_at":"string","crn":"string","global":"bool","id":"string","location":"string","name":"string","resource_group":"string","status":"string","updated_at":"string"}]],"description":"Collection of transit gateways","description_kind":"plain","computed":true}},"description_kind":"plain"}},"ibm_tg_location":{"version":0,"block":{"attributes":{"billing_location":{"type":"string","description":"The geographical location of this location, used for billing purposes.","description_kind":"plain","computed":true},"id":{"type":"string","description_kind":"plain","optional":true,"computed":true},"local_connection_locations":{"type":["list",["object",{"display_name":"string","name":"string","type":"string"}]],"description":"The set of network locations that are considered local for this Transit Gateway location.","description_kind":"plain","computed":true},"name":{"type":"string","description":"Name of the Location.","description_kind":"plain","required":true},"type":{"type":"string","description":"The type of the location, determining is this a multi-zone region, a single data center, or a point of presence.","description_kind":"plain","computed":true}},"description_kind":"plain"}},"ibm_tg_locations":{"version":0,"block":{"attributes":{"id":{"type":"string","description_kind":"plain","optional":true,"computed":true},"locations":{"type":["list",["object",{"billing_location":"string","name":"string","type":"string"}]],"description":"Collection of Transit Gateway locations","description_kind":"plain","computed":true}},"description_kind":"plain"}}}}}}
