{"format_version":"0.2","provider_schemas":{"registry.terraform.io/joob-com/jira":{"provider":{"version":0,"block":{"attributes":{"password":{"type":"string","description":"Password/API Key of the user","description_kind":"markdown","required":true,"sensitive":true},"url":{"type":"string","description":"Base url of the JIRA instance.","description_kind":"markdown","required":true},"user":{"type":"string","description":"User to be used","description_kind":"markdown","required":true}},"description_kind":"plain"}},"resource_schemas":{"jira_group":{"version":0,"block":{"attributes":{"id":{"type":"string","description_kind":"plain","optional":true,"computed":true},"name":{"type":"string","description":"Group name.","description_kind":"markdown","required":true}},"description_kind":"plain"}},"jira_group_membership":{"version":0,"block":{"attributes":{"account_id":{"type":"string","description":"Account ID","description_kind":"markdown","required":true},"group_name":{"type":"string","description":"Group name.","description_kind":"markdown","required":true},"id":{"type":"string","description_kind":"plain","optional":true,"computed":true}},"description_kind":"plain"}},"jira_issue_type":{"version":0,"block":{"attributes":{"description":{"type":"string","description":"Description","description_kind":"markdown","optional":true},"hierarchy_level":{"type":"number","description":"Hierarchy level","description_kind":"markdown","optional":true},"id":{"type":"string","description":"Identifier","description_kind":"markdown","computed":true},"name":{"type":"string","description":"Name","description_kind":"markdown","required":true}},"description_kind":"plain"}},"jira_project":{"version":0,"block":{"attributes":{"assignee_type":{"type":"string","description":"Assignee type","description_kind":"markdown","optional":true},"avatar_id":{"type":"number","description":"Avatar ID","description_kind":"markdown","optional":true},"category_id":{"type":"number","description":"Category ID","description_kind":"markdown","optional":true},"description":{"type":"string","description":"Project description.","description_kind":"markdown","optional":true},"id":{"type":"string","description":"ID","description_kind":"markdown","computed":true},"issue_security_scheme":{"type":"number","description":"Avatar ID","description_kind":"markdown","optional":true},"key":{"type":"string","description":"Project key.","description_kind":"markdown","required":true},"lead":{"type":"string","description":"Lead account ID","description_kind":"markdown","required":true},"name":{"type":"string","description":"Project name.","description_kind":"markdown","required":true},"notification_scheme":{"type":"number","description":"Notification Scheme","description_kind":"markdown","optional":true},"permission_scheme":{"type":"number","description":"Avatar ID","description_kind":"markdown","optional":true},"template_key":{"type":"string","description":"Template key.","description_kind":"markdown","optional":true},"type_key":{"type":"string","description":"Type key","description_kind":"markdown","optional":true}},"description_kind":"plain"}},"jira_project_category":{"version":0,"block":{"attributes":{"description":{"type":"string","description":"Project category name.","description_kind":"markdown","optional":true},"id":{"type":"string","description":"Project category name.","description_kind":"markdown","computed":true},"name":{"type":"string","description":"Project category name.","description_kind":"markdown","required":true}},"description_kind":"plain"}},"jira_role":{"version":0,"block":{"attributes":{"description":{"type":"string","description":"Description","description_kind":"markdown","optional":true},"id":{"type":"string","description":"Identifier","description_kind":"markdown","computed":true},"name":{"type":"string","description":"Name","description_kind":"markdown","required":true}},"description_kind":"plain"}},"jira_user":{"version":0,"block":{"attributes":{"display_name":{"type":"string","description":"Display name","description_kind":"markdown","required":true},"email_address":{"type":"string","description":"E-mail address","description_kind":"markdown","required":true},"id":{"type":"string","description":"Account ID","description_kind":"markdown","computed":true}},"description_kind":"plain"}}},"data_source_schemas":{"jira_user":{"version":0,"block":{"attributes":{"display_name":{"type":"string","description_kind":"plain","computed":true},"email_address":{"type":"string","description_kind":"plain","optional":true,"computed":true},"id":{"type":"string","description_kind":"plain","computed":true}},"description":"Search for a user by email and/or username.","description_kind":"markdown"}}}}}}
