{"format_version":"0.2","provider_schemas":{"registry.terraform.io/josenk/esxi":{"provider":{"version":0,"block":{"attributes":{"esxi_hostname":{"type":"string","description":"The esxi hostname or IP address.","description_kind":"plain","optional":true},"esxi_hostport":{"type":"string","description":"ssh port.","description_kind":"plain","optional":true},"esxi_hostssl":{"type":"string","description":"ssl port.","description_kind":"plain","optional":true},"esxi_password":{"type":"string","description":"esxi ssh password.","description_kind":"plain","optional":true},"esxi_username":{"type":"string","description":"esxi ssh username.","description_kind":"plain","optional":true}},"description_kind":"plain"}},"resource_schemas":{"esxi_guest":{"version":0,"block":{"attributes":{"boot_disk_size":{"type":"string","description":"Guest boot disk size. Will expand boot disk to this size.","description_kind":"plain","optional":true,"computed":true},"boot_disk_type":{"type":"string","description":"Guest boot disk type. thin, zeroedthick, eagerzeroedthick","description_kind":"plain","optional":true},"clone_from_vm":{"type":"string","description":"Source vm path on esxi host to clone.","description_kind":"plain","optional":true},"disk_store":{"type":"string","description":"esxi diskstore for boot disk.","description_kind":"plain","required":true},"guest_name":{"type":"string","description":"esxi guest name.","description_kind":"plain","required":true},"guest_shutdown_timeout":{"type":"number","description":"The amount of time, in seconds, to wait for a graceful shutdown before doing a forced power off.","description_kind":"plain","optional":true,"computed":true},"guest_startup_timeout":{"type":"number","description":"The amount of guest uptime, in seconds, to wait for an available IP address on this virtual machine.","description_kind":"plain","optional":true,"computed":true},"guestinfo":{"type":["map","string"],"description":"pass data to VM","description_kind":"plain","optional":true},"guestos":{"type":"string","description":"Guest OS type.","description_kind":"plain","optional":true,"computed":true},"host_ovf":{"type":"string","description":"Path on esxi host of ovf files.","description_kind":"plain","optional":true},"id":{"type":"string","description_kind":"plain","optional":true,"computed":true},"ip_address":{"type":"string","description":"The IP address reported by VMware tools.","description_kind":"plain","computed":true},"memsize":{"type":"string","description":"Guest guest memory size.","description_kind":"plain","optional":true,"computed":true},"notes":{"type":"string","description":"Guest notes (annotation).","description_kind":"plain","optional":true,"computed":true},"numvcpus":{"type":"string","description":"Guest guest number of virtual cpus.","description_kind":"plain","optional":true,"computed":true},"ovf_properties_timer":{"type":"number","description":"The amount of time, in seconds, to wait for the guest to boot and run ovf_properties.","description_kind":"plain","optional":true,"computed":true},"ovf_source":{"type":"string","description":"Local path to source ovf files.","description_kind":"plain","optional":true},"power":{"type":"string","description":"Guest power state.","description_kind":"plain","optional":true,"computed":true},"resource_pool_name":{"type":"string","description":"Resource pool name to place guest.","description_kind":"plain","optional":true},"virthwver":{"type":"string","description":"Guest Virtual HW version.","description_kind":"plain","optional":true,"computed":true}},"block_types":{"network_interfaces":{"nesting_mode":"list","block":{"attributes":{"mac_address":{"type":"string","description_kind":"plain","optional":true,"computed":true},"nic_type":{"type":"string","description_kind":"plain","optional":true,"computed":true},"virtual_network":{"type":"string","description_kind":"plain","optional":true,"computed":true}},"description_kind":"plain"}},"ovf_properties":{"nesting_mode":"list","block":{"attributes":{"key":{"type":"string","description_kind":"plain","required":true},"value":{"type":"string","description_kind":"plain","required":true}},"description_kind":"plain"}},"virtual_disks":{"nesting_mode":"list","block":{"attributes":{"slot":{"type":"string","description":"SCSI_Ctrl:SCSI_id.    Range  '0:1' to '0:15'.   SCSI_id 7 is not allowed.","description_kind":"plain","optional":true,"computed":true},"virtual_disk_id":{"type":"string","description_kind":"plain","required":true}},"description_kind":"plain"}}},"description_kind":"plain"}},"esxi_portgroup":{"version":0,"block":{"attributes":{"forged_transmits":{"type":"bool","description":"Forged transmits (true=Accept/false=Reject).","description_kind":"plain","optional":true},"id":{"type":"string","description_kind":"plain","optional":true,"computed":true},"mac_changes":{"type":"bool","description":"MAC address changes (true=Accept/false=Reject).","description_kind":"plain","optional":true},"name":{"type":"string","description":"portgroup name.","description_kind":"plain","required":true},"promiscuous_mode":{"type":"bool","description":"Promiscuous mode (true=Accept/false=Reject).","description_kind":"plain","optional":true},"vlan":{"type":"number","description":"portgroup vlan.","description_kind":"plain","optional":true,"computed":true},"vswitch":{"type":"string","description":"vswitch name.","description_kind":"plain","optional":true,"computed":true}},"description_kind":"plain"}},"esxi_resource_pool":{"version":0,"block":{"attributes":{"cpu_max":{"type":"number","description":"CPU maximum (in MHz).","description_kind":"plain","optional":true,"computed":true},"cpu_min":{"type":"number","description":"CPU minimum (in MHz).","description_kind":"plain","optional":true,"computed":true},"cpu_min_expandable":{"type":"string","description":"Can pool borrow CPU resources from parent?","description_kind":"plain","optional":true,"computed":true},"cpu_shares":{"type":"string","description":"CPU shares (low/normal/high/\u003ccustom\u003e).","description_kind":"plain","optional":true,"computed":true},"id":{"type":"string","description_kind":"plain","optional":true,"computed":true},"mem_max":{"type":"number","description":"Memory maximum (in MB).","description_kind":"plain","optional":true,"computed":true},"mem_min":{"type":"number","description":"Memory minimum (in MB).","description_kind":"plain","optional":true,"computed":true},"mem_min_expandable":{"type":"string","description":"Can pool borrow memory resources from parent?","description_kind":"plain","optional":true,"computed":true},"mem_shares":{"type":"string","description":"Memory shares (low/normal/high/\u003ccustom\u003e).","description_kind":"plain","optional":true,"computed":true},"resource_pool_name":{"type":"string","description":"Resource Pool Name","description_kind":"plain","required":true}},"description_kind":"plain"}},"esxi_virtual_disk":{"version":0,"block":{"attributes":{"id":{"type":"string","description_kind":"plain","optional":true,"computed":true},"virtual_disk_dir":{"type":"string","description":"Disk dir.","description_kind":"plain","required":true},"virtual_disk_disk_store":{"type":"string","description":"Disk Store.","description_kind":"plain","required":true},"virtual_disk_name":{"type":"string","description":"Virtual Disk Name.","description_kind":"plain","optional":true,"computed":true},"virtual_disk_size":{"type":"number","description":"Virtual Disk size in GB.","description_kind":"plain","optional":true,"computed":true},"virtual_disk_type":{"type":"string","description":"Virtual Disk type.  (thin, zeroedthick or eagerzeroedthick)","description_kind":"plain","optional":true}},"description_kind":"plain"}},"esxi_vswitch":{"version":0,"block":{"attributes":{"forged_transmits":{"type":"bool","description":"Forged transmits (true=Accept/false=Reject).","description_kind":"plain","optional":true,"computed":true},"id":{"type":"string","description_kind":"plain","optional":true,"computed":true},"link_discovery_mode":{"type":"string","description":"vswitch Link Discovery Mode.","description_kind":"plain","optional":true,"computed":true},"mac_changes":{"type":"bool","description":"MAC address changes (true=Accept/false=Reject).","description_kind":"plain","optional":true,"computed":true},"mtu":{"type":"number","description":"vswitch mtu.","description_kind":"plain","optional":true,"computed":true},"name":{"type":"string","description":"vswitch name.","description_kind":"plain","required":true},"ports":{"type":"number","description":"vswitch number of ports.","description_kind":"plain","optional":true,"computed":true},"promiscuous_mode":{"type":"bool","description":"Promiscuous mode (true=Accept/false=Reject).","description_kind":"plain","optional":true,"computed":true}},"block_types":{"uplink":{"nesting_mode":"list","block":{"attributes":{"name":{"type":"string","description_kind":"plain","required":true}},"description_kind":"plain"}}},"description_kind":"plain"}}}}}}
