{"format_version":"0.2","provider_schemas":{"registry.terraform.io/joshuarose/cognito":{"provider":{"version":0,"block":{"attributes":{"client_id":{"type":"string","description_kind":"plain","optional":true},"region":{"type":"string","description_kind":"plain","optional":true},"user_pool_id":{"type":"string","description_kind":"plain","optional":true}},"description_kind":"plain"}},"resource_schemas":{"cognito_user":{"version":0,"block":{"attributes":{"consumer_id":{"type":"string","description_kind":"plain","optional":true,"computed":true},"email":{"type":"string","description_kind":"plain","required":true},"id":{"type":"string","description_kind":"plain","optional":true,"computed":true},"password":{"type":"string","description_kind":"plain","required":true,"sensitive":true}},"description_kind":"plain"}}},"data_source_schemas":{"cognito_user":{"version":0,"block":{"attributes":{"consumer_id":{"type":"string","description_kind":"plain","optional":true},"email":{"type":"string","description_kind":"plain","required":true},"id":{"type":"string","description_kind":"plain","optional":true,"computed":true}},"description_kind":"plain"}}}}}}
