{"format_version":"0.2","provider_schemas":{"registry.terraform.io/jstrategia-dev/kustomization":{"provider":{"version":0,"block":{"attributes":{"context":{"type":"string","description":"Context to use in kubeconfig with multiple contexts, if not specified the default context is to be used.","description_kind":"plain","optional":true},"kubeconfig_path":{"type":"string","description":"Path to a kubeconfig file. Defaults to '~/.kube/config'.","description_kind":"plain","optional":true},"kubeconfig_raw":{"type":"string","description":"Raw kubeconfig file. If kubeconfig_raw is set,  kubeconfig_path is ignored.","description_kind":"plain","optional":true}},"description_kind":"plain"}},"resource_schemas":{"kustomization_resource":{"version":0,"block":{"attributes":{"id":{"type":"string","description_kind":"plain","optional":true,"computed":true},"manifest":{"type":"string","description_kind":"plain","required":true}},"description_kind":"plain"}}},"data_source_schemas":{"kustomization":{"version":0,"block":{"attributes":{"id":{"type":"string","description_kind":"plain","optional":true,"computed":true},"ids":{"type":["set","string"],"description_kind":"plain","computed":true},"manifests":{"type":["map","string"],"description_kind":"plain","computed":true},"path":{"type":"string","description_kind":"plain","required":true}},"description_kind":"plain"}}}}}}
