{"format_version":"0.2","provider_schemas":{"registry.terraform.io/jtopjian/sensu":{"provider":{"version":0,"block":{"attributes":{"api_key":{"type":"string","description_kind":"plain","optional":true,"sensitive":true},"api_url":{"type":"string","description_kind":"plain","optional":true},"insecure_skip_tls_verify":{"type":"bool","description_kind":"plain","optional":true},"namespace":{"type":"string","description_kind":"plain","optional":true},"password":{"type":"string","description_kind":"plain","optional":true,"sensitive":true},"trusted_ca_file":{"type":"string","description_kind":"plain","optional":true},"username":{"type":"string","description_kind":"plain","optional":true}},"description_kind":"plain"}},"resource_schemas":{"sensu_apikey":{"version":0,"block":{"attributes":{"id":{"type":"string","description_kind":"plain","optional":true,"computed":true},"username":{"type":"string","description_kind":"plain","required":true}},"description_kind":"plain"}},"sensu_asset":{"version":0,"block":{"attributes":{"annotations":{"type":["map","string"],"description_kind":"plain","optional":true},"filters":{"type":["list","string"],"description_kind":"plain","optional":true},"headers":{"type":["map","string"],"description_kind":"plain","optional":true},"id":{"type":"string","description_kind":"plain","optional":true,"computed":true},"labels":{"type":["map","string"],"description_kind":"plain","optional":true},"name":{"type":"string","description_kind":"plain","required":true},"namespace":{"type":"string","description_kind":"plain","optional":true,"computed":true},"sha512":{"type":"string","description_kind":"plain","optional":true},"url":{"type":"string","description_kind":"plain","optional":true}},"block_types":{"build":{"nesting_mode":"list","block":{"attributes":{"filters":{"type":["list","string"],"description_kind":"plain","optional":true},"headers":{"type":["map","string"],"description_kind":"plain","optional":true},"sha512":{"type":"string","description_kind":"plain","required":true},"url":{"type":"string","description_kind":"plain","required":true}},"description_kind":"plain"}}},"description_kind":"plain"}},"sensu_check":{"version":0,"block":{"attributes":{"annotations":{"type":["map","string"],"description_kind":"plain","optional":true},"command":{"type":"string","description_kind":"plain","required":true},"cron":{"type":"string","description_kind":"plain","optional":true},"env_vars":{"type":["map","string"],"description_kind":"plain","optional":true},"handlers":{"type":["list","string"],"description_kind":"plain","optional":true},"high_flap_threshold":{"type":"number","description_kind":"plain","optional":true},"id":{"type":"string","description_kind":"plain","optional":true,"computed":true},"interval":{"type":"number","description_kind":"plain","optional":true},"labels":{"type":["map","string"],"description_kind":"plain","optional":true},"low_flap_threshold":{"type":"number","description_kind":"plain","optional":true},"name":{"type":"string","description_kind":"plain","required":true},"namespace":{"type":"string","description_kind":"plain","optional":true,"computed":true},"output_metric_format":{"type":"string","description_kind":"plain","optional":true},"output_metric_handlers":{"type":["list","string"],"description_kind":"plain","optional":true},"proxy_entity_name":{"type":"string","description_kind":"plain","optional":true},"publish":{"type":"bool","description_kind":"plain","optional":true},"round_robin":{"type":"bool","description_kind":"plain","optional":true},"runtime_assets":{"type":["list","string"],"description_kind":"plain","optional":true},"stdin":{"type":"bool","description_kind":"plain","optional":true},"subscriptions":{"type":["list","string"],"description_kind":"plain","required":true},"timeout":{"type":"number","description_kind":"plain","optional":true},"ttl":{"type":"number","description_kind":"plain","optional":true}},"block_types":{"check_hook":{"nesting_mode":"set","block":{"attributes":{"hook":{"type":"string","description_kind":"plain","optional":true},"trigger":{"type":"string","description_kind":"plain","optional":true}},"description_kind":"plain"}},"proxy_requests":{"nesting_mode":"list","block":{"attributes":{"entity_attributes":{"type":["list","string"],"description_kind":"plain","optional":true},"splay":{"type":"bool","description_kind":"plain","optional":true},"splay_coverage":{"type":"number","description_kind":"plain","optional":true}},"description_kind":"plain"},"max_items":1},"subdue":{"nesting_mode":"set","block":{"attributes":{"begin":{"type":"string","description_kind":"plain","required":true},"day":{"type":"string","description_kind":"plain","required":true},"end":{"type":"string","description_kind":"plain","required":true}},"description_kind":"plain"}}},"description_kind":"plain"}},"sensu_cluster_role":{"version":0,"block":{"attributes":{"id":{"type":"string","description_kind":"plain","optional":true,"computed":true},"name":{"type":"string","description_kind":"plain","required":true}},"block_types":{"rule":{"nesting_mode":"list","block":{"attributes":{"resource_names":{"type":["list","string"],"description_kind":"plain","optional":true},"resources":{"type":["list","string"],"description_kind":"plain","required":true},"verbs":{"type":["list","string"],"description_kind":"plain","required":true}},"description_kind":"plain"},"min_items":1}},"description_kind":"plain"}},"sensu_cluster_role_binding":{"version":0,"block":{"attributes":{"cluster_role":{"type":"string","description_kind":"plain","required":true},"groups":{"type":["list","string"],"description_kind":"plain","optional":true},"id":{"type":"string","description_kind":"plain","optional":true,"computed":true},"name":{"type":"string","description_kind":"plain","required":true},"users":{"type":["list","string"],"description_kind":"plain","optional":true}},"description_kind":"plain"}},"sensu_entity":{"version":0,"block":{"attributes":{"annotations":{"type":["map","string"],"description_kind":"plain","optional":true},"class":{"type":"string","description_kind":"plain","required":true},"deregister":{"type":"bool","description_kind":"plain","optional":true},"id":{"type":"string","description_kind":"plain","optional":true,"computed":true},"labels":{"type":["map","string"],"description_kind":"plain","optional":true},"last_seen":{"type":"number","description_kind":"plain","computed":true},"name":{"type":"string","description_kind":"plain","required":true},"namespace":{"type":"string","description_kind":"plain","optional":true,"computed":true},"redact":{"type":["list","string"],"description_kind":"plain","optional":true},"subscriptions":{"type":["list","string"],"description_kind":"plain","optional":true},"system":{"type":["list",["object",{"arch":"string","hostname":"string","network_interfaces":["list",["object",{"addresses":["list","string"],"mac":"string","name":"string"}]],"os":"string","platform":"string","platform_family":"string","platform_version":"string"}]],"description_kind":"plain","computed":true}},"block_types":{"deregistration":{"nesting_mode":"list","block":{"attributes":{"handler":{"type":"string","description_kind":"plain","required":true}},"description_kind":"plain"},"max_items":1}},"description_kind":"plain"}},"sensu_filter":{"version":0,"block":{"attributes":{"action":{"type":"string","description_kind":"plain","required":true},"expressions":{"type":["list","string"],"description_kind":"plain","required":true},"id":{"type":"string","description_kind":"plain","optional":true,"computed":true},"name":{"type":"string","description_kind":"plain","required":true},"namespace":{"type":"string","description_kind":"plain","optional":true,"computed":true},"runtime_assets":{"type":["list","string"],"description_kind":"plain","optional":true}},"block_types":{"when":{"nesting_mode":"set","block":{"attributes":{"begin":{"type":"string","description_kind":"plain","required":true},"day":{"type":"string","description_kind":"plain","required":true},"end":{"type":"string","description_kind":"plain","required":true}},"description_kind":"plain"}}},"description_kind":"plain"}},"sensu_handler":{"version":0,"block":{"attributes":{"command":{"type":"string","description_kind":"plain","optional":true},"env_vars":{"type":["map","string"],"description_kind":"plain","optional":true},"filters":{"type":["list","string"],"description_kind":"plain","optional":true},"handlers":{"type":["list","string"],"description_kind":"plain","optional":true},"id":{"type":"string","description_kind":"plain","optional":true,"computed":true},"mutator":{"type":"string","description_kind":"plain","optional":true},"name":{"type":"string","description_kind":"plain","required":true},"namespace":{"type":"string","description_kind":"plain","optional":true,"computed":true},"runtime_assets":{"type":["list","string"],"description_kind":"plain","optional":true},"timeout":{"type":"number","description_kind":"plain","optional":true},"type":{"type":"string","description_kind":"plain","required":true}},"block_types":{"socket":{"nesting_mode":"list","block":{"attributes":{"host":{"type":"string","description_kind":"plain","required":true},"port":{"type":"number","description_kind":"plain","required":true}},"description_kind":"plain"},"max_items":1}},"description_kind":"plain"}},"sensu_hook":{"version":0,"block":{"attributes":{"command":{"type":"string","description_kind":"plain","required":true},"id":{"type":"string","description_kind":"plain","optional":true,"computed":true},"name":{"type":"string","description_kind":"plain","required":true},"namespace":{"type":"string","description_kind":"plain","optional":true,"computed":true},"stdin":{"type":"bool","description_kind":"plain","optional":true},"timeout":{"type":"number","description_kind":"plain","optional":true}},"description_kind":"plain"}},"sensu_mutator":{"version":0,"block":{"attributes":{"command":{"type":"string","description_kind":"plain","required":true},"env_vars":{"type":["map","string"],"description_kind":"plain","optional":true},"id":{"type":"string","description_kind":"plain","optional":true,"computed":true},"name":{"type":"string","description_kind":"plain","required":true},"namespace":{"type":"string","description_kind":"plain","optional":true,"computed":true},"timeout":{"type":"number","description_kind":"plain","optional":true}},"description_kind":"plain"}},"sensu_namespace":{"version":0,"block":{"attributes":{"id":{"type":"string","description_kind":"plain","optional":true,"computed":true},"name":{"type":"string","description_kind":"plain","required":true}},"description_kind":"plain"}},"sensu_role":{"version":0,"block":{"attributes":{"id":{"type":"string","description_kind":"plain","optional":true,"computed":true},"name":{"type":"string","description_kind":"plain","required":true},"namespace":{"type":"string","description_kind":"plain","optional":true,"computed":true}},"block_types":{"rule":{"nesting_mode":"list","block":{"attributes":{"resource_names":{"type":["list","string"],"description_kind":"plain","optional":true},"resources":{"type":["list","string"],"description_kind":"plain","required":true},"verbs":{"type":["list","string"],"description_kind":"plain","required":true}},"description_kind":"plain"},"min_items":1}},"description_kind":"plain"}},"sensu_role_binding":{"version":0,"block":{"attributes":{"binding_type":{"type":"string","description_kind":"plain","required":true},"groups":{"type":["list","string"],"description_kind":"plain","optional":true},"id":{"type":"string","description_kind":"plain","optional":true,"computed":true},"name":{"type":"string","description_kind":"plain","required":true},"namespace":{"type":"string","description_kind":"plain","optional":true,"computed":true},"role":{"type":"string","description_kind":"plain","required":true},"users":{"type":["list","string"],"description_kind":"plain","optional":true}},"description_kind":"plain"}},"sensu_silenced":{"version":0,"block":{"attributes":{"annotations":{"type":["map","string"],"description_kind":"plain","optional":true},"begin":{"type":"string","description_kind":"plain","optional":true},"check":{"type":"string","description_kind":"plain","required":true},"expire":{"type":"number","description_kind":"plain","optional":true},"expire_on_resolve":{"type":"bool","description_kind":"plain","optional":true},"id":{"type":"string","description_kind":"plain","optional":true,"computed":true},"labels":{"type":["map","string"],"description_kind":"plain","optional":true},"namespace":{"type":"string","description_kind":"plain","optional":true,"computed":true},"reason":{"type":"string","description_kind":"plain","optional":true},"subscription":{"type":"string","description_kind":"plain","required":true}},"description_kind":"plain"}},"sensu_user":{"version":0,"block":{"attributes":{"disabled":{"type":"bool","description_kind":"plain","optional":true},"groups":{"type":["list","string"],"description_kind":"plain","optional":true},"id":{"type":"string","description_kind":"plain","optional":true,"computed":true},"name":{"type":"string","description_kind":"plain","required":true},"password":{"type":"string","description_kind":"plain","required":true,"sensitive":true}},"description_kind":"plain"}}},"data_source_schemas":{"sensu_asset":{"version":0,"block":{"attributes":{"annotations":{"type":["map","string"],"description_kind":"plain","computed":true},"build":{"type":["list",["object",{"filters":["list","string"],"headers":["map","string"],"sha512":"string","url":"string"}]],"description_kind":"plain","computed":true},"filters":{"type":["list","string"],"description_kind":"plain","computed":true},"headers":{"type":["map","string"],"description_kind":"plain","computed":true},"id":{"type":"string","description_kind":"plain","optional":true,"computed":true},"labels":{"type":["map","string"],"description_kind":"plain","computed":true},"name":{"type":"string","description_kind":"plain","required":true},"namespace":{"type":"string","description_kind":"plain","optional":true,"computed":true},"sha512":{"type":"string","description_kind":"plain","computed":true},"url":{"type":"string","description_kind":"plain","computed":true}},"description_kind":"plain"}},"sensu_bonsai_asset":{"version":0,"block":{"attributes":{"annotations":{"type":["map","string"],"description_kind":"plain","computed":true},"build":{"type":["list",["object",{"filters":["list","string"],"headers":["map","string"],"sha512":"string","url":"string"}]],"description_kind":"plain","computed":true},"builds":{"type":["list",["object",{"filters":["list","string"],"headers":["map","string"],"sha512":"string","url":"string"}]],"description_kind":"plain","computed":true},"id":{"type":"string","description_kind":"plain","optional":true,"computed":true},"labels":{"type":["list","string"],"description_kind":"plain","computed":true},"name":{"type":"string","description_kind":"plain","required":true},"version":{"type":"string","description_kind":"plain","optional":true}},"description_kind":"plain"}},"sensu_check":{"version":0,"block":{"attributes":{"annotations":{"type":["map","string"],"description_kind":"plain","computed":true},"check_hook":{"type":["list",["object",{"hooks":"string","trigger":"string"}]],"description_kind":"plain","computed":true},"command":{"type":"string","description_kind":"plain","computed":true},"cron":{"type":"string","description_kind":"plain","computed":true},"env_vars":{"type":["map","string"],"description_kind":"plain","computed":true},"handlers":{"type":["list","string"],"description_kind":"plain","computed":true},"high_flap_threshold":{"type":"number","description_kind":"plain","computed":true},"id":{"type":"string","description_kind":"plain","optional":true,"computed":true},"interval":{"type":"number","description_kind":"plain","computed":true},"labels":{"type":["map","string"],"description_kind":"plain","computed":true},"low_flap_threshold":{"type":"number","description_kind":"plain","computed":true},"name":{"type":"string","description_kind":"plain","required":true},"namespace":{"type":"string","description_kind":"plain","optional":true,"computed":true},"output_metric_format":{"type":"string","description_kind":"plain","computed":true},"output_metric_handlers":{"type":["list","string"],"description_kind":"plain","computed":true},"proxy_entity_name":{"type":"string","description_kind":"plain","computed":true},"publish":{"type":"bool","description_kind":"plain","computed":true},"round_robin":{"type":"bool","description_kind":"plain","computed":true},"runtime_assets":{"type":["list","string"],"description_kind":"plain","computed":true},"stdin":{"type":"bool","description_kind":"plain","computed":true},"subdue":{"type":["list",["object",{"begin":"string","day":"string","end":"string"}]],"description_kind":"plain","computed":true},"subscriptions":{"type":["list","string"],"description_kind":"plain","computed":true},"timeout":{"type":"number","description_kind":"plain","computed":true},"ttl":{"type":"number","description_kind":"plain","computed":true}},"block_types":{"proxy_requests":{"nesting_mode":"list","block":{"attributes":{"entity_attributes":{"type":["list","string"],"description_kind":"plain","optional":true},"splay":{"type":"bool","description_kind":"plain","optional":true},"splay_coverage":{"type":"number","description_kind":"plain","optional":true}},"description_kind":"plain"},"max_items":1}},"description_kind":"plain"}},"sensu_cluster_role":{"version":0,"block":{"attributes":{"id":{"type":"string","description_kind":"plain","optional":true,"computed":true},"name":{"type":"string","description_kind":"plain","required":true},"rule":{"type":["list",["object",{"resource_names":["list","string"],"resources":["list","string"],"verbs":["list","string"]}]],"description_kind":"plain","computed":true}},"description_kind":"plain"}},"sensu_cluster_role_binding":{"version":0,"block":{"attributes":{"cluster_role":{"type":"string","description_kind":"plain","computed":true},"groups":{"type":["list","string"],"description_kind":"plain","computed":true},"id":{"type":"string","description_kind":"plain","optional":true,"computed":true},"name":{"type":"string","description_kind":"plain","required":true},"users":{"type":["list","string"],"description_kind":"plain","computed":true}},"description_kind":"plain"}},"sensu_entity":{"version":0,"block":{"attributes":{"class":{"type":"string","description_kind":"plain","computed":true},"deregister":{"type":"bool","description_kind":"plain","computed":true},"deregistration":{"type":["list",["object",{"handler":"string"}]],"description_kind":"plain","computed":true},"id":{"type":"string","description_kind":"plain","optional":true,"computed":true},"last_seen":{"type":"number","description_kind":"plain","computed":true},"name":{"type":"string","description_kind":"plain","required":true},"namespace":{"type":"string","description_kind":"plain","optional":true,"computed":true},"redact":{"type":["list","string"],"description_kind":"plain","computed":true},"subscriptions":{"type":["list","string"],"description_kind":"plain","computed":true},"system":{"type":["list",["object",{"arch":"string","hostname":"string","network_interfaces":["list",["object",{"addresses":["list","string"],"mac":"string","name":"string"}]],"os":"string","platform":"string","platform_family":"string","platform_version":"string"}]],"description_kind":"plain","computed":true},"user":{"type":"string","description_kind":"plain","computed":true}},"description_kind":"plain"}},"sensu_filter":{"version":0,"block":{"attributes":{"action":{"type":"string","description_kind":"plain","computed":true},"expressions":{"type":["list","string"],"description_kind":"plain","computed":true},"id":{"type":"string","description_kind":"plain","optional":true,"computed":true},"name":{"type":"string","description_kind":"plain","required":true},"namespace":{"type":"string","description_kind":"plain","optional":true,"computed":true},"runtime_assets":{"type":["list","string"],"description_kind":"plain","computed":true},"when":{"type":["list",["object",{"begin":"string","day":"string","end":"string"}]],"description_kind":"plain","computed":true}},"description_kind":"plain"}},"sensu_handler":{"version":0,"block":{"attributes":{"command":{"type":"string","description_kind":"plain","computed":true},"env_vars":{"type":["map","string"],"description_kind":"plain","computed":true},"filters":{"type":["list","string"],"description_kind":"plain","computed":true},"handlers":{"type":["list","string"],"description_kind":"plain","computed":true},"id":{"type":"string","description_kind":"plain","optional":true,"computed":true},"mutator":{"type":"string","description_kind":"plain","computed":true},"name":{"type":"string","description_kind":"plain","required":true},"namespace":{"type":"string","description_kind":"plain","optional":true,"computed":true},"runtime_assets":{"type":["list","string"],"description_kind":"plain","computed":true},"socket":{"type":["list",["object",{"host":"string","port":"number"}]],"description_kind":"plain","computed":true},"timeout":{"type":"number","description_kind":"plain","computed":true},"type":{"type":"string","description_kind":"plain","computed":true}},"description_kind":"plain"}},"sensu_hook":{"version":0,"block":{"attributes":{"command":{"type":"string","description_kind":"plain","computed":true},"id":{"type":"string","description_kind":"plain","optional":true,"computed":true},"name":{"type":"string","description_kind":"plain","required":true},"namespace":{"type":"string","description_kind":"plain","optional":true,"computed":true},"stdin":{"type":"bool","description_kind":"plain","computed":true},"timeout":{"type":"number","description_kind":"plain","computed":true}},"description_kind":"plain"}},"sensu_mutator":{"version":0,"block":{"attributes":{"command":{"type":"string","description_kind":"plain","computed":true},"env_vars":{"type":["map","string"],"description_kind":"plain","computed":true},"id":{"type":"string","description_kind":"plain","optional":true,"computed":true},"name":{"type":"string","description_kind":"plain","required":true},"namespace":{"type":"string","description_kind":"plain","optional":true,"computed":true},"timeout":{"type":"number","description_kind":"plain","computed":true}},"description_kind":"plain"}},"sensu_namespace":{"version":0,"block":{"attributes":{"id":{"type":"string","description_kind":"plain","optional":true,"computed":true},"name":{"type":"string","description_kind":"plain","required":true}},"description_kind":"plain"}},"sensu_role":{"version":0,"block":{"attributes":{"id":{"type":"string","description_kind":"plain","optional":true,"computed":true},"name":{"type":"string","description_kind":"plain","required":true},"namespace":{"type":"string","description_kind":"plain","optional":true,"computed":true},"rule":{"type":["list",["object",{"resource_names":["list","string"],"resources":["list","string"],"verbs":["list","string"]}]],"description_kind":"plain","computed":true}},"description_kind":"plain"}},"sensu_role_binding":{"version":0,"block":{"attributes":{"binding_type":{"type":"string","description_kind":"plain","computed":true},"groups":{"type":["list","string"],"description_kind":"plain","computed":true},"id":{"type":"string","description_kind":"plain","optional":true,"computed":true},"name":{"type":"string","description_kind":"plain","required":true},"namespace":{"type":"string","description_kind":"plain","optional":true,"computed":true},"role":{"type":"string","description_kind":"plain","computed":true},"users":{"type":["list","string"],"description_kind":"plain","computed":true}},"description_kind":"plain"}},"sensu_silenced":{"version":0,"block":{"attributes":{"annotations":{"type":["map","string"],"description_kind":"plain","computed":true},"begin":{"type":"string","description_kind":"plain","computed":true},"check":{"type":"string","description_kind":"plain","required":true},"expire":{"type":"number","description_kind":"plain","computed":true},"expire_on_resolve":{"type":"bool","description_kind":"plain","computed":true},"id":{"type":"string","description_kind":"plain","optional":true,"computed":true},"labels":{"type":["map","string"],"description_kind":"plain","computed":true},"namespace":{"type":"string","description_kind":"plain","optional":true,"computed":true},"reason":{"type":"string","description_kind":"plain","computed":true},"subscription":{"type":"string","description_kind":"plain","required":true}},"description_kind":"plain"}},"sensu_user":{"version":0,"block":{"attributes":{"disabled":{"type":"bool","description_kind":"plain","computed":true},"groups":{"type":["list","string"],"description_kind":"plain","computed":true},"id":{"type":"string","description_kind":"plain","optional":true,"computed":true},"name":{"type":"string","description_kind":"plain","required":true}},"description_kind":"plain"}}}}}}
