{"format_version":"0.2","provider_schemas":{"registry.terraform.io/jupiterone/jupiterone":{"provider":{"version":0,"block":{"attributes":{"account_id":{"type":"string","description":"JupiterOne account ID to create resources in","description_kind":"plain","required":true},"api_key":{"type":"string","description":"API Key used to make requests to the JupiterOne APIs","description_kind":"plain","required":true},"region":{"type":"string","description_kind":"plain","optional":true}},"description_kind":"plain"}},"resource_schemas":{"jupiterone_question":{"version":0,"block":{"attributes":{"description":{"type":"string","description_kind":"plain","required":true},"id":{"type":"string","description_kind":"plain","optional":true,"computed":true},"tags":{"type":["list","string"],"description_kind":"plain","optional":true},"title":{"type":"string","description":"The title of the question","description_kind":"plain","required":true}},"block_types":{"compliance":{"nesting_mode":"list","block":{"attributes":{"controls":{"type":["list","string"],"description_kind":"plain","optional":true},"requirements":{"type":["list","string"],"description_kind":"plain","optional":true},"standard":{"type":"string","description_kind":"plain","required":true}},"description_kind":"plain"}},"query":{"nesting_mode":"list","block":{"attributes":{"name":{"type":"string","description_kind":"plain","optional":true},"query":{"type":"string","description_kind":"plain","required":true},"version":{"type":"string","description_kind":"plain","required":true}},"description_kind":"plain"},"min_items":1}},"description_kind":"plain"}},"jupiterone_rule":{"version":0,"block":{"attributes":{"description":{"type":"string","description":"Description of the rule","description_kind":"plain","required":true},"id":{"type":"string","description_kind":"plain","optional":true,"computed":true},"name":{"type":"string","description":"Name of the rule, which is unique to each account.","description_kind":"plain","required":true},"operations":{"type":"string","description":"Actions that are executed when a corresponding condition is met.","description_kind":"plain","required":true},"outputs":{"type":["list","string"],"description":"Names of properties that can be used throughout the rule evaluation process and will be included in each record of a rule evaluation. (e.g. queries.query0.total)","description_kind":"plain","optional":true},"polling_interval":{"type":"string","description":"Frequency of automated rule evaluation. Defaults to ONE_DAY.","description_kind":"plain","optional":true},"spec_version":{"type":"number","description":"Rule evaluation specification version in the case of breaking changes.","description_kind":"plain","optional":true},"templates":{"type":["map","string"],"description":"Optional key/value pairs of template name to template","description_kind":"plain","optional":true},"version":{"type":"number","description":"Computed current version of the rule. Incremented each time the rule is updated.","description_kind":"plain","computed":true}},"block_types":{"question":{"nesting_mode":"list","block":{"block_types":{"queries":{"nesting_mode":"list","block":{"attributes":{"name":{"type":"string","description_kind":"plain","optional":true},"query":{"type":"string","description_kind":"plain","required":true},"version":{"type":"string","description_kind":"plain","required":true}},"description_kind":"plain"},"min_items":1}},"description":"Contains properties related to queries used in the rule evaluation.","description_kind":"plain"},"min_items":1,"max_items":1}},"description_kind":"plain"}}}}}}
