{"format_version":"0.2","provider_schemas":{"registry.terraform.io/justenwalker/kind":{"provider":{"version":0,"block":{"attributes":{"http_proxy":{"type":"string","description":"Override the HTTPS proxy used when provisioning kind clusters.","description_kind":"plain","optional":true},"https_proxy":{"type":"string","description":"Override the HTTP proxy used when provisioning kind clusters.","description_kind":"plain","optional":true},"kubeconfig":{"type":"string","description":"Sets kubeconfig path instead of $KUBECONFIG or $HOME/.kube/config","description_kind":"plain","optional":true},"no_proxy":{"type":"string","description":"Override the NO_PROXY list used when provisioning kind clusters.","description_kind":"plain","optional":true},"provider":{"type":"string","description":"The provider used to run the containers. Can be either `docker` or `podman`","description_kind":"plain","optional":true},"verbosity":{"type":"number","description":"Sets the logging verbosity. larger number means more logs.","description_kind":"plain","optional":true}},"description_kind":"plain"}},"resource_schemas":{"kind_cluster":{"version":0,"block":{"attributes":{"ca_certificate_data":{"type":"string","description":"The base64-encoded CA Certificate used by the API Server","description_kind":"plain","computed":true},"client_certificate_data":{"type":"string","description":"The base64-encoded client certificate data for connecting the cluster","description_kind":"plain","computed":true},"client_key_data":{"type":"string","description":"The base64-encoded client private key data for connecting the cluster","description_kind":"plain","computed":true},"config":{"type":"string","description":"the cluster config as documented on https://kind.sigs.k8s.io/docs/user/configuration/","description_kind":"plain","optional":true},"context":{"type":"string","description":"The name of the context in KubeConfig","description_kind":"plain","computed":true},"control_plane_containers":{"type":["list","string"],"description":"The list of control-plane node container names","description_kind":"plain","computed":true},"id":{"type":"string","description_kind":"plain","optional":true,"computed":true},"image":{"type":"string","description":"The image to use for the kind nodes. corresponds to the --image flag on the cli.","description_kind":"plain","optional":true},"image_version":{"type":"string","description":"Kubernetes major.minor version, which chooses the correct node image from the published SHAs matching this version of KIND","description_kind":"plain","optional":true},"kubeconfig":{"type":"string","description":"The full text of the kubeconfig that can be used to connect to this cluster","description_kind":"plain","computed":true},"kubeconfig_internal":{"type":"string","description":"The full text of the kubeconfig that can be used to connect to this cluster from inside the container network","description_kind":"plain","computed":true},"name":{"type":"string","description":"the name of the cluster. corresponds to the --name flag on the kind cli.","description_kind":"plain","required":true},"nodes":{"type":["list",["object",{"ipv4_address":"string","ipv6_address":"string","name":"string","role":"string"}]],"description":"The list of nodes that were provisioned for this cluster","description_kind":"plain","computed":true},"server":{"type":"string","description":"Kubernetes API Server URL","description_kind":"plain","computed":true}},"description_kind":"plain"}}},"data_source_schemas":{"kind_cluster":{"version":0,"block":{"attributes":{"ca_certificate_data":{"type":"string","description":"The base64-encoded CA Certificate used by the API Server","description_kind":"plain","computed":true},"client_certificate_data":{"type":"string","description":"The base64-encoded client certificate data for connecting the cluster","description_kind":"plain","computed":true},"client_key_data":{"type":"string","description":"The base64-encoded client private key data for connecting the cluster","description_kind":"plain","computed":true},"context":{"type":"string","description":"The name of the context in KubeConfig","description_kind":"plain","computed":true},"control_plane_containers":{"type":["list","string"],"description":"The list of control-plane node container names","description_kind":"plain","computed":true},"id":{"type":"string","description_kind":"plain","optional":true,"computed":true},"kubeconfig":{"type":"string","description":"The full text of the kubeconfig that can be used to connect to this cluster","description_kind":"plain","computed":true},"kubeconfig_internal":{"type":"string","description":"The full text of the kubeconfig that can be used to connect to this cluster from inside the container network","description_kind":"plain","computed":true},"name":{"type":"string","description_kind":"plain","required":true},"nodes":{"type":["list",["object",{"ipv4_address":"string","ipv6_address":"string","name":"string","role":"string"}]],"description":"The list of nodes that were provisioned for this cluster","description_kind":"plain","computed":true},"server":{"type":"string","description":"Kubernetes API Server URL","description_kind":"plain","computed":true}},"description_kind":"plain"}}}}}}
