{"format_version":"0.2","provider_schemas":{"registry.terraform.io/justenwalker/synclocal":{"provider":{"version":0,"block":{"description_kind":"plain"}},"resource_schemas":{"synclocal_file":{"version":0,"block":{"attributes":{"content_sha256":{"type":"string","description":"SHA256 hash of the file contents","description_kind":"plain","computed":true},"destination":{"type":"string","description":"Destination file path","description_kind":"plain","required":true},"file_mode":{"type":"string","description":"File mode for the destination (Octal String). Mirrors the source file if not provided.","description_kind":"plain","optional":true},"id":{"type":"string","description_kind":"plain","optional":true,"computed":true},"source":{"type":"string","description":"source file path","description_kind":"plain","required":true}},"description_kind":"plain"}},"synclocal_url":{"version":0,"block":{"attributes":{"content_sha256":{"type":"string","description":"SHA256 hash of the file contents","description_kind":"plain","computed":true},"etag":{"type":"string","description":"the etag of the resource","description_kind":"plain","computed":true},"file_mode":{"type":"string","description":"File mode for the destination (Octal String). Mirrors the source file if not provided.","description_kind":"plain","optional":true},"filename":{"type":"string","description":"Destination file path","description_kind":"plain","required":true},"headers":{"type":["map","string"],"description":"additional headers to add to the request","description_kind":"plain","optional":true},"id":{"type":"string","description_kind":"plain","optional":true,"computed":true},"last_modified":{"type":"string","description":"the last modified date when it was retrieved from the upstream url","description_kind":"plain","computed":true},"url":{"type":"string","description":"source url","description_kind":"plain","required":true}},"description_kind":"plain"}}}}}}
