{"format_version":"0.2","provider_schemas":{"registry.terraform.io/kaginari/docker-utils":{"provider":{"version":0,"block":{"attributes":{"ca_material":{"type":"string","description":"PEM-encoded content of Docker host CA certificate","description_kind":"plain","optional":true},"cert_material":{"type":"string","description":"PEM-encoded content of Docker client certificate","description_kind":"plain","optional":true},"cert_path":{"type":"string","description":"Path to directory with Docker TLS config","description_kind":"plain","optional":true},"host":{"type":"string","description":"The Docker daemon address","description_kind":"plain","optional":true},"key_material":{"type":"string","description":"PEM-encoded content of Docker client private key","description_kind":"plain","optional":true}},"description_kind":"plain"}},"resource_schemas":{"docker-utils_exec":{"version":0,"block":{"attributes":{"attach_stderr":{"type":"bool","description_kind":"plain","optional":true},"attach_stdin":{"type":"bool","description_kind":"plain","optional":true},"attach_stdout":{"type":"bool","description_kind":"plain","optional":true},"commands":{"type":["list","string"],"description_kind":"plain","required":true},"container_name":{"type":"string","description_kind":"plain","required":true},"destroy_commands":{"type":["list","string"],"description_kind":"plain","optional":true},"destroy_environment":{"type":["list","string"],"description_kind":"plain","optional":true},"detach":{"type":"bool","description_kind":"plain","optional":true},"environment":{"type":["list","string"],"description_kind":"plain","optional":true},"id":{"type":"string","description_kind":"plain","optional":true,"computed":true},"privileged":{"type":"bool","description_kind":"plain","optional":true},"tty":{"type":"bool","description_kind":"plain","optional":true},"user":{"type":"string","description_kind":"plain","optional":true},"working_dir":{"type":"string","description_kind":"plain","optional":true}},"description_kind":"plain"}}},"data_source_schemas":{"docker-utils_inspect":{"version":0,"block":{"attributes":{"container_name":{"type":"string","description_kind":"plain","required":true},"environment":{"type":["list","string"],"description_kind":"plain","computed":true},"id":{"type":"string","description_kind":"plain","optional":true,"computed":true},"mounts":{"type":["list",["object",{"destination":"string","mode":"string","propagation":"string","read_write":"bool","source":"string","type":"string"}]],"description_kind":"plain","computed":true},"networks":{"type":["list",["object",{"gateway":"string","ip_address":"string","ip_prefixlen":"number","network_name":"string"}]],"description_kind":"plain","computed":true}},"description_kind":"plain"}},"docker-utils_logs":{"version":0,"block":{"attributes":{"container_name":{"type":"string","description_kind":"plain","required":true},"details":{"type":"bool","description_kind":"plain","optional":true},"from_date":{"type":"string","description_kind":"plain","optional":true},"id":{"type":"string","description_kind":"plain","optional":true,"computed":true},"logs":{"type":"string","description_kind":"plain","computed":true},"show_stderr":{"type":"bool","description_kind":"plain","optional":true},"show_stdout":{"type":"bool","description_kind":"plain","optional":true},"tail":{"type":"string","description_kind":"plain","optional":true},"timestamps":{"type":"bool","description_kind":"plain","optional":true},"to_date":{"type":"string","description_kind":"plain","optional":true}},"description_kind":"plain"}}}}}}
