{"format_version":"0.2","provider_schemas":{"registry.terraform.io/kaleido-io/kaleido":{"provider":{"version":0,"block":{"attributes":{"api":{"type":"string","description_kind":"plain","required":true},"api_key":{"type":"string","description_kind":"plain","required":true}},"description_kind":"plain"}},"resource_schemas":{"kaleido_app_creds":{"version":0,"block":{"attributes":{"auth_type":{"type":"string","description_kind":"plain","computed":true},"consortium_id":{"type":"string","description_kind":"plain","required":true},"environment_id":{"type":"string","description_kind":"plain","required":true},"id":{"type":"string","description_kind":"plain","optional":true,"computed":true},"membership_id":{"type":"string","description_kind":"plain","required":true},"name":{"type":"string","description_kind":"plain","required":true},"password":{"type":"string","description_kind":"plain","computed":true},"username":{"type":"string","description_kind":"plain","computed":true}},"description_kind":"plain"}},"kaleido_configuration":{"version":0,"block":{"attributes":{"consortium_id":{"type":"string","description_kind":"plain","required":true},"details":{"type":["map","string"],"description_kind":"plain","optional":true},"details_json":{"type":"string","description_kind":"plain","optional":true},"environment_id":{"type":"string","description_kind":"plain","required":true},"id":{"type":"string","description_kind":"plain","optional":true,"computed":true},"membership_id":{"type":"string","description_kind":"plain","required":true},"name":{"type":"string","description_kind":"plain","required":true},"type":{"type":"string","description_kind":"plain","required":true}},"block_types":{"timeouts":{"nesting_mode":"single","block":{"attributes":{"create":{"type":"string","description_kind":"plain","optional":true},"delete":{"type":"string","description_kind":"plain","optional":true},"update":{"type":"string","description_kind":"plain","optional":true}},"description_kind":"plain"}}},"description_kind":"plain"}},"kaleido_consortium":{"version":0,"block":{"attributes":{"description":{"type":"string","description_kind":"plain","required":true},"id":{"type":"string","description_kind":"plain","optional":true,"computed":true},"name":{"type":"string","description_kind":"plain","required":true},"shared_deployment":{"type":"bool","description":"The decentralized nature of Kaleido means a consortium might be shared with other accounts. When true only create if name does not exist, and delete becomes a no-op.","description_kind":"plain","optional":true}},"description_kind":"plain"}},"kaleido_czone":{"version":0,"block":{"attributes":{"cloud":{"type":"string","description_kind":"plain","required":true},"consortium_id":{"type":"string","description_kind":"plain","required":true},"id":{"type":"string","description_kind":"plain","optional":true,"computed":true},"name":{"type":"string","description_kind":"plain","optional":true},"region":{"type":"string","description_kind":"plain","required":true}},"block_types":{"timeouts":{"nesting_mode":"single","block":{"attributes":{"create":{"type":"string","description_kind":"plain","optional":true},"delete":{"type":"string","description_kind":"plain","optional":true},"update":{"type":"string","description_kind":"plain","optional":true}},"description_kind":"plain"}}},"description_kind":"plain"}},"kaleido_destination":{"version":0,"block":{"attributes":{"auto_verify_membership":{"type":"bool","description_kind":"plain","optional":true},"consortium_id":{"type":"string","description_kind":"plain","required":true},"id":{"type":"string","description_kind":"plain","optional":true,"computed":true},"idregistry_id":{"type":"string","description_kind":"plain","optional":true},"kaleido_managed":{"type":"bool","description_kind":"plain","optional":true},"membership_id":{"type":"string","description_kind":"plain","required":true},"name":{"type":"string","description_kind":"plain","required":true},"service_id":{"type":"string","description_kind":"plain","required":true},"service_type":{"type":"string","description_kind":"plain","required":true}},"description_kind":"plain"}},"kaleido_environment":{"version":0,"block":{"attributes":{"block_period":{"type":"number","description_kind":"plain","optional":true},"chain_id":{"type":"number","description_kind":"plain","optional":true},"consensus_type":{"type":"string","description_kind":"plain","required":true},"consortium_id":{"type":"string","description_kind":"plain","required":true},"description":{"type":"string","description_kind":"plain","optional":true},"env_type":{"type":"string","description_kind":"plain","required":true},"id":{"type":"string","description_kind":"plain","optional":true,"computed":true},"multi_region":{"type":"bool","description_kind":"plain","optional":true},"name":{"type":"string","description_kind":"plain","required":true},"prefunded_accounts":{"type":["map","string"],"description_kind":"plain","optional":true,"computed":true},"release_id":{"type":"string","description_kind":"plain","optional":true,"computed":true},"shared_deployment":{"type":"bool","description":"The decentralized nature of Kaleido means an environment might be shared with other accounts. When true only create if name does not exist, and delete becomes a no-op.","description_kind":"plain","optional":true},"test_features_json":{"type":"string","description_kind":"plain","optional":true}},"description_kind":"plain"}},"kaleido_ezone":{"version":0,"block":{"attributes":{"cloud":{"type":"string","description_kind":"plain","required":true},"consortium_id":{"type":"string","description_kind":"plain","required":true},"environment_id":{"type":"string","description_kind":"plain","required":true},"id":{"type":"string","description_kind":"plain","optional":true,"computed":true},"name":{"type":"string","description_kind":"plain","optional":true},"region":{"type":"string","description_kind":"plain","required":true}},"block_types":{"timeouts":{"nesting_mode":"single","block":{"attributes":{"create":{"type":"string","description_kind":"plain","optional":true},"delete":{"type":"string","description_kind":"plain","optional":true},"update":{"type":"string","description_kind":"plain","optional":true}},"description_kind":"plain"}}},"description_kind":"plain"}},"kaleido_invitation":{"version":0,"block":{"attributes":{"consortium_id":{"type":"string","description_kind":"plain","required":true},"email":{"type":"string","description_kind":"plain","required":true},"id":{"type":"string","description_kind":"plain","optional":true,"computed":true},"org_name":{"type":"string","description_kind":"plain","required":true}},"description_kind":"plain"}},"kaleido_membership":{"version":0,"block":{"attributes":{"consortium_id":{"type":"string","description_kind":"plain","required":true},"id":{"type":"string","description_kind":"plain","optional":true,"computed":true},"org_name":{"type":"string","description_kind":"plain","required":true},"pre_existing":{"type":"bool","description":"In a decentalized consortium memberships are driven by invitation, and will be pre-existing at the point of deploying infrastructure.","description_kind":"plain","optional":true}},"description_kind":"plain"}},"kaleido_node":{"version":0,"block":{"attributes":{"backup_id":{"type":"string","description_kind":"plain","optional":true},"baf_id":{"type":"string","description_kind":"plain","optional":true},"consortium_id":{"type":"string","description_kind":"plain","required":true},"environment_id":{"type":"string","description_kind":"plain","required":true},"first_user_account":{"type":"string","description_kind":"plain","computed":true},"https_url":{"type":"string","description_kind":"plain","computed":true},"hybrid_port_allocation":{"type":"number","description_kind":"plain","computed":true},"id":{"type":"string","description_kind":"plain","optional":true,"computed":true},"kms_id":{"type":"string","description_kind":"plain","optional":true},"membership_id":{"type":"string","description_kind":"plain","required":true},"name":{"type":"string","description_kind":"plain","required":true},"networking_id":{"type":"string","description_kind":"plain","optional":true},"node_config_id":{"type":"string","description_kind":"plain","optional":true},"opsmetric_id":{"type":"string","description_kind":"plain","optional":true},"role":{"type":"string","description_kind":"plain","optional":true},"size":{"type":"string","description_kind":"plain","optional":true},"urls":{"type":["map","string"],"description_kind":"plain","computed":true},"websocket_url":{"type":"string","description_kind":"plain","computed":true},"zone_id":{"type":"string","description_kind":"plain","optional":true}},"block_types":{"timeouts":{"nesting_mode":"single","block":{"attributes":{"create":{"type":"string","description_kind":"plain","optional":true},"delete":{"type":"string","description_kind":"plain","optional":true},"update":{"type":"string","description_kind":"plain","optional":true}},"description_kind":"plain"}}},"description_kind":"plain"}},"kaleido_service":{"version":0,"block":{"attributes":{"consortium_id":{"type":"string","description_kind":"plain","required":true},"details":{"type":["map","string"],"description_kind":"plain","optional":true},"environment_id":{"type":"string","description_kind":"plain","required":true},"https_url":{"type":"string","description_kind":"plain","computed":true},"hybrid_port_allocation":{"type":"number","description_kind":"plain","computed":true},"id":{"type":"string","description_kind":"plain","optional":true,"computed":true},"membership_id":{"type":"string","description_kind":"plain","required":true},"name":{"type":"string","description_kind":"plain","required":true},"service_type":{"type":"string","description_kind":"plain","required":true},"shared_deployment":{"type":"bool","description":"The decentralized nature of Kaleido means a utility service might be shared with other accounts. When true only create if service_type does not exist, and delete becomes a no-op.","description_kind":"plain","optional":true},"size":{"type":"string","description_kind":"plain","optional":true},"urls":{"type":["map","string"],"description_kind":"plain","computed":true},"websocket_url":{"type":"string","description_kind":"plain","computed":true},"webui_url":{"type":"string","description_kind":"plain","computed":true},"zone_id":{"type":"string","description_kind":"plain","optional":true}},"block_types":{"timeouts":{"nesting_mode":"single","block":{"attributes":{"create":{"type":"string","description_kind":"plain","optional":true},"delete":{"type":"string","description_kind":"plain","optional":true},"update":{"type":"string","description_kind":"plain","optional":true}},"description_kind":"plain"}}},"description_kind":"plain"}}},"data_source_schemas":{"kaleido_privatestack_bridge":{"version":0,"block":{"attributes":{"appcred_id":{"type":"string","description":"Optionally provide an application credential to inject into the downloaded config, making it ready for use","description_kind":"plain","optional":true},"appcred_secret":{"type":"string","description":"Optionally provide an application credential to inject into the downloaded config, making it ready for use","description_kind":"plain","optional":true},"config_json":{"type":"string","description_kind":"plain","computed":true},"consortium_id":{"type":"string","description_kind":"plain","required":true},"environment_id":{"type":"string","description_kind":"plain","required":true},"id":{"type":"string","description_kind":"plain","optional":true,"computed":true},"service_id":{"type":"string","description_kind":"plain","required":true}},"description_kind":"plain"}}}}}}
