{"format_version":"0.2","provider_schemas":{"registry.terraform.io/kamatama41/utravis":{"provider":{"version":0,"block":{"attributes":{"base_url":{"type":"string","description":"The Travis CI Base API URL (must be either https://api.travis-ci.org/ or https://api.travis-ci.com/)","description_kind":"plain","required":true},"token":{"type":"string","description":"The API token used to connect to Travis CI.","description_kind":"plain","required":true}},"description_kind":"plain"}},"resource_schemas":{"utravis_env_var":{"version":0,"block":{"attributes":{"id":{"type":"string","description_kind":"plain","optional":true,"computed":true},"name":{"type":"string","description_kind":"plain","required":true},"public":{"type":"bool","description_kind":"plain","optional":true},"slug":{"type":"string","description_kind":"plain","required":true},"value":{"type":"string","description_kind":"plain","required":true,"sensitive":true}},"description_kind":"plain"}},"utravis_key_pair":{"version":0,"block":{"attributes":{"description":{"type":"string","description_kind":"plain","optional":true},"fingerprint":{"type":"string","description_kind":"plain","computed":true},"id":{"type":"string","description_kind":"plain","optional":true,"computed":true},"public_key":{"type":"string","description_kind":"plain","computed":true},"slug":{"type":"string","description_kind":"plain","required":true},"value":{"type":"string","description_kind":"plain","required":true,"sensitive":true}},"description_kind":"plain"}}}}}}
