{"format_version":"0.2","provider_schemas":{"registry.terraform.io/kekenika/typesense":{"provider":{"version":0,"block":{"attributes":{"api_address":{"type":"string","description":"URL of the Typesense server. This can also be set via the `TYPESENSE_API_ADDRESS` environment variable.","description_kind":"plain","required":true},"api_key":{"type":"string","description":"API Key to access the Typesense server. This can also be set via the `TYPESENSE_API_KEY` environment variable.","description_kind":"plain","required":true}},"description_kind":"plain"}},"resource_schemas":{"typesense_collection":{"version":0,"block":{"attributes":{"default_sorting_field":{"type":"string","description_kind":"plain","optional":true},"id":{"type":"string","description_kind":"plain","optional":true,"computed":true},"name":{"type":"string","description":"Name of the collection.","description_kind":"plain","required":true},"num_documents":{"type":"number","description_kind":"plain","computed":true}},"block_types":{"fields":{"nesting_mode":"list","block":{"attributes":{"facet":{"type":"bool","description":"Facetable field","description_kind":"plain","optional":true,"computed":true},"index":{"type":"bool","description":"Index field","description_kind":"plain","optional":true},"name":{"type":"string","description_kind":"plain","required":true},"optional":{"type":"bool","description":"Optional field","description_kind":"plain","optional":true,"computed":true},"type":{"type":"string","description":"Field type","description_kind":"plain","required":true}},"description_kind":"plain"},"min_items":1}},"description":"Group of related documents which are roughly equivalent to a table in a relational database.","description_kind":"plain"}},"typesense_collection_alias":{"version":0,"block":{"attributes":{"collection_name":{"type":"string","description":"Target collection names","description_kind":"plain","required":true},"id":{"type":"string","description_kind":"plain","optional":true,"computed":true},"name":{"type":"string","description":"Name of the collection alias","description_kind":"plain","required":true}},"description":"Virtual collection name that points to a real collection.","description_kind":"plain"}},"typesense_curation":{"version":0,"block":{"attributes":{"collection_name":{"type":"string","description":"Name of the collection","description_kind":"plain","required":true},"id":{"type":"string","description_kind":"plain","optional":true,"computed":true},"name":{"type":"string","description":"Name of the curation","description_kind":"plain","required":true}},"block_types":{"excludes":{"nesting_mode":"list","block":{"attributes":{"id":{"type":"string","description":"Document id to exclude","description_kind":"plain","required":true}},"description":"Documents to exclude","description_kind":"plain"}},"includes":{"nesting_mode":"list","block":{"attributes":{"id":{"type":"string","description":"Document id to include","description_kind":"plain","required":true},"position":{"type":"number","description":"Document position","description_kind":"plain","required":true}},"description":"Documents to include","description_kind":"plain"}},"rule":{"nesting_mode":"list","block":{"attributes":{"match":{"type":"string","description_kind":"plain","required":true},"query":{"type":"string","description_kind":"plain","required":true}},"description":"Rule of this curation","description_kind":"plain"},"min_items":1,"max_items":1}},"description":"Promote or exclude certain documents from a query result","description_kind":"plain"}},"typesense_document":{"version":0,"block":{"attributes":{"collection_name":{"type":"string","description":"Name of the collection","description_kind":"plain","required":true},"document":{"type":["map","string"],"description":"Document's body","description_kind":"plain","required":true},"id":{"type":"string","description_kind":"plain","optional":true,"computed":true}},"description":"Item in a collection","description_kind":"plain"}},"typesense_synonyms":{"version":0,"block":{"attributes":{"collection_name":{"type":"string","description":"Name of the collection","description_kind":"plain","required":true},"id":{"type":"string","description_kind":"plain","optional":true,"computed":true},"name":{"type":"string","description":"Name of the synonyms","description_kind":"plain","required":true},"root":{"type":"string","description":"Root for one-way synonym","description_kind":"plain","optional":true},"synonyms":{"type":["list","string"],"description":"Target collection names","description_kind":"plain","required":true}},"description":"Search terms that should be considered equivalent","description_kind":"plain"}}},"data_source_schemas":{"typesense_collection":{"version":0,"block":{"attributes":{"default_sorting_field":{"type":"string","description_kind":"plain","computed":true},"fields":{"type":["list",["object",{"facet":"bool","index":"bool","name":"string","optional":"bool","type":"string"}]],"description_kind":"plain","computed":true},"id":{"type":"string","description_kind":"plain","optional":true,"computed":true},"name":{"type":"string","description":"Name of the collection.","description_kind":"plain","required":true},"num_documents":{"type":"number","description_kind":"plain","computed":true}},"description":"Group of related documents which are roughly equivalent to a table in a relational database.","description_kind":"plain"}},"typesense_collection_alias":{"version":0,"block":{"attributes":{"collection_name":{"type":"string","description":"Target collection names","description_kind":"plain","computed":true},"id":{"type":"string","description_kind":"plain","optional":true,"computed":true},"name":{"type":"string","description":"Name of the collection alias","description_kind":"plain","required":true}},"description":"Virtual collection name that points to a real collection.","description_kind":"plain"}},"typesense_curation":{"version":0,"block":{"attributes":{"collection_name":{"type":"string","description":"Name of the collection","description_kind":"plain","required":true},"excludes":{"type":["list",["object",{"id":"string"}]],"description":"Documents to exclude","description_kind":"plain","computed":true},"id":{"type":"string","description_kind":"plain","optional":true,"computed":true},"includes":{"type":["list",["object",{"id":"string","position":"number"}]],"description":"Documents to include","description_kind":"plain","computed":true},"name":{"type":"string","description":"Name of the curation","description_kind":"plain","required":true},"rule":{"type":["list",["object",{"match":"string","query":"string"}]],"description":"Rule of this curation","description_kind":"plain","computed":true}},"description":"Promote or exclude certain documents from a query result","description_kind":"plain"}},"typesense_document":{"version":0,"block":{"attributes":{"collection_name":{"type":"string","description":"Name of the collection","description_kind":"plain","required":true},"document":{"type":["map","string"],"description":"Document's body","description_kind":"plain","required":true},"id":{"type":"string","description_kind":"plain","optional":true,"computed":true}},"description":"Item in a collection","description_kind":"plain"}},"typesense_synonyms":{"version":0,"block":{"attributes":{"collection_name":{"type":"string","description":"Name of the collection","description_kind":"plain","required":true},"id":{"type":"string","description_kind":"plain","optional":true,"computed":true},"name":{"type":"string","description":"Name of the synonyms","description_kind":"plain","required":true},"root":{"type":"string","description":"Root for one-way synonym","description_kind":"plain","computed":true},"synonyms":{"type":["list","string"],"description":"Target collection names","description_kind":"plain","computed":true}},"description":"Search terms that should be considered equivalent","description_kind":"plain"}}}}}}
