{"format_version":"0.2","provider_schemas":{"registry.terraform.io/kentik/kentik-cloudexport":{"provider":{"version":0,"block":{"attributes":{"apiurl":{"type":"string","description":"CloudExport API server URL (optional). Can also be specified with KTAPI_URL environment variable.","description_kind":"plain","optional":true},"email":{"type":"string","description":"Authorization email (required). Can also be specified with KTAPI_AUTH_EMAIL environment variable.","description_kind":"plain","required":true},"log_payloads":{"type":"bool","description":"Log payloads flag enables verbose debug logs of requests and responses (optional). Can also be specified with KTAPI_LOG_PAYLOADS environment variable.","description_kind":"plain","optional":true},"token":{"type":"string","description":"Authorization token (required). Can also be specified with KTAPI_AUTH_TOKEN environment variable.","description_kind":"plain","required":true,"sensitive":true}},"block_types":{"retry":{"nesting_mode":"list","block":{"attributes":{"max_attempts":{"type":"number","description":"Maximum number of request retry attempts. Minimum valid value: 1 (0 fallbacks to default). Default: 100. Can also be specified with KTAPI_RETRY_MAX_ATTEMPTS environment variable.","description_kind":"plain","optional":true},"max_delay":{"type":"string","description":"Maximum delay before request retry. Expected Go time duration format, e.g. 1s (see: \u003chttps://pkg.go.dev/time#ParseDuration\u003e). Default: 5m (5 minutes). Can also be specified with KTAPI_RETRY_MAX_DELAY environment variable.","description_kind":"plain","optional":true},"min_delay":{"type":"string","description":"Minimum delay before request retry. Expected Go time duration format, e.g. 1s (see: \u003chttps://pkg.go.dev/time#ParseDuration\u003e). Default: 1s (1 second). Can also be specified with KTAPI_RETRY_MIN_DELAY environment variable.","description_kind":"plain","optional":true}},"description":"Configuration for API client retry mechanism","description_kind":"plain"},"max_items":1}},"description_kind":"plain"}},"resource_schemas":{"kentik-cloudexport_item":{"version":0,"block":{"attributes":{"api_root":{"type":"string","description":"Hostname of the Kentik deployment where the API calls related to this export should go, eg. api.kentik.com","description_kind":"plain","optional":true,"computed":true},"cloud_provider":{"type":"string","description":"The cloud provider targeted by this export (aws, azure, gce, ibm)","description_kind":"plain","required":true},"current_status":{"type":["list",["object",{"api_access":"bool","error_message":"string","flow_found":"bool","status":"string","storage_account_access":"bool"}]],"description":"Export task status","description_kind":"plain","computed":true},"description":{"type":"string","description":"An optional, longer description","description_kind":"plain","optional":true},"enabled":{"type":"bool","description":"Whether this task is enabled and intended to run, or disabled","description_kind":"plain","required":true},"flow_dest":{"type":"string","description":"Hostname of the Kentik deployment where the data generated by this export should go, eg. flow.kentik.com","description_kind":"plain","optional":true,"computed":true},"id":{"type":"string","description":"The internal cloud export identifier. This is Read-only and assigned by Kentik","description_kind":"plain","computed":true},"name":{"type":"string","description":"A short name for this export","description_kind":"plain","required":true},"plan_id":{"type":"string","description":"The identifier of the Kentik plan associated with this task","description_kind":"plain","required":true},"type":{"type":"string","description":"CLOUD_EXPORT_TYPE_UNSPECIFIED: Invalid or incomplete exports. CLOUD_EXPORT_TYPE_KENTIK_MANAGED: Cloud exports that are managed by Kentik. CLOUD_EXPORT_TYPE_CUSTOMER_MANAGED: Exports that are managed by Kentik customers (eg. by running an agent)","description_kind":"plain","required":true}},"block_types":{"aws":{"nesting_mode":"list","block":{"attributes":{"bucket":{"type":"string","description":"Source S3 bucket to fetch vpc flow logs from","description_kind":"plain","required":true},"delete_after_read":{"type":"bool","description":"If true, attempt to delete vpc flow log chunks from S3 after they've been read","description_kind":"plain","required":true},"iam_role_arn":{"type":"string","description":"ARN for the IAM role to assume when fetching data or making AWS calls for this export","description_kind":"plain","required":true},"multiple_buckets":{"type":"bool","description_kind":"plain","required":true},"region":{"type":"string","description":"AWS region where this bucket resides","description_kind":"plain","required":true}},"description":"Properties specific to Amazon Web Services \"vpc flow logs\" exports","description_kind":"plain"}},"azure":{"nesting_mode":"list","block":{"attributes":{"location":{"type":"string","description_kind":"plain","required":true},"resource_group":{"type":"string","description_kind":"plain","required":true},"security_principal_enabled":{"type":"bool","description_kind":"plain","required":true},"storage_account":{"type":"string","description_kind":"plain","required":true},"subscription_id":{"type":"string","description_kind":"plain","required":true}},"description":"Properties specific to Azure exports","description_kind":"plain"}},"bgp":{"nesting_mode":"list","block":{"attributes":{"apply_bgp":{"type":"bool","description":"If true, apply BGP data discovered via another device to the flow from this export","description_kind":"plain","required":true},"device_bgp_type":{"type":"string","description":"device, other_device, none","description_kind":"plain","required":true},"use_bgp_device_id":{"type":"string","description":"Which other device to get BGP data from","description_kind":"plain","required":true}},"description":"Optional BGP related settings","description_kind":"plain"}},"gce":{"nesting_mode":"list","block":{"attributes":{"project":{"type":"string","description_kind":"plain","required":true},"subscription":{"type":"string","description_kind":"plain","required":true}},"description":"Properties specific to Google Cloud export","description_kind":"plain"}},"ibm":{"nesting_mode":"list","block":{"attributes":{"bucket":{"type":"string","description_kind":"plain","required":true}},"description":"Properties specific to IBM Cloud exports","description_kind":"plain"}}},"description":"Resource representing cloud export item","description_kind":"plain"}}},"data_source_schemas":{"kentik-cloudexport_item":{"version":0,"block":{"attributes":{"api_root":{"type":"string","description":"Hostname of the Kentik deployment where the API calls related to this export should go, eg. api.kentik.com","description_kind":"plain","computed":true},"aws":{"type":["list",["object",{"bucket":"string","delete_after_read":"bool","iam_role_arn":"string","multiple_buckets":"bool","region":"string"}]],"description":"Properties specific to Amazon Web Services \"vpc flow logs\" exports","description_kind":"plain","computed":true},"azure":{"type":["list",["object",{"location":"string","resource_group":"string","security_principal_enabled":"bool","storage_account":"string","subscription_id":"string"}]],"description":"Properties specific to Azure exports","description_kind":"plain","computed":true},"bgp":{"type":["list",["object",{"apply_bgp":"bool","device_bgp_type":"string","use_bgp_device_id":"string"}]],"description":"Optional BGP related settings","description_kind":"plain","computed":true},"cloud_provider":{"type":"string","description":"The cloud provider targeted by this export (aws, azure, gce, ibm)","description_kind":"plain","computed":true},"current_status":{"type":["list",["object",{"api_access":"bool","error_message":"string","flow_found":"bool","status":"string","storage_account_access":"bool"}]],"description":"Export task status","description_kind":"plain","computed":true},"description":{"type":"string","description":"An optional, longer description","description_kind":"plain","computed":true},"enabled":{"type":"bool","description":"Whether this task is enabled and intended to run, or disabled","description_kind":"plain","computed":true},"flow_dest":{"type":"string","description":"Hostname of the Kentik deployment where the data generated by this export should go, eg. flow.kentik.com","description_kind":"plain","computed":true},"gce":{"type":["list",["object",{"project":"string","subscription":"string"}]],"description":"Properties specific to Google Cloud export","description_kind":"plain","computed":true},"ibm":{"type":["list",["object",{"bucket":"string"}]],"description":"Properties specific to IBM Cloud exports","description_kind":"plain","computed":true},"id":{"type":"string","description":"The internal cloud export identifier. This is Read-only and assigned by Kentik","description_kind":"plain","required":true},"name":{"type":"string","description":"A short name for this export","description_kind":"plain","computed":true},"plan_id":{"type":"string","description":"The identifier of the Kentik plan associated with this task","description_kind":"plain","computed":true},"type":{"type":"string","description":"CLOUD_EXPORT_TYPE_UNSPECIFIED: Invalid or incomplete exports. CLOUD_EXPORT_TYPE_KENTIK_MANAGED: Cloud exports that are managed by Kentik. CLOUD_EXPORT_TYPE_CUSTOMER_MANAGED: Exports that are managed by Kentik customers (eg. by running an agent)","description_kind":"plain","computed":true}},"description":"DataSource representing single cloud export item","description_kind":"plain"}},"kentik-cloudexport_list":{"version":0,"block":{"attributes":{"id":{"type":"string","description_kind":"plain","optional":true,"computed":true},"items":{"type":["list",["object",{"api_root":"string","aws":["list",["object",{"bucket":"string","delete_after_read":"bool","iam_role_arn":"string","multiple_buckets":"bool","region":"string"}]],"azure":["list",["object",{"location":"string","resource_group":"string","security_principal_enabled":"bool","storage_account":"string","subscription_id":"string"}]],"bgp":["list",["object",{"apply_bgp":"bool","device_bgp_type":"string","use_bgp_device_id":"string"}]],"cloud_provider":"string","current_status":["list",["object",{"api_access":"bool","error_message":"string","flow_found":"bool","status":"string","storage_account_access":"bool"}]],"description":"string","enabled":"bool","flow_dest":"string","gce":["list",["object",{"project":"string","subscription":"string"}]],"ibm":["list",["object",{"bucket":"string"}]],"id":"string","name":"string","plan_id":"string","type":"string"}]],"description_kind":"plain","computed":true}},"description":"DataSource representing list of cloud exports","description_kind":"plain"}}}}}}
