{"format_version":"0.2","provider_schemas":{"registry.terraform.io/kentik/kentik-synthetics":{"provider":{"version":0,"block":{"attributes":{"api_url":{"type":"string","description":"Synthetics API server URL (optional). Can also be specified with KTAPI_URL environment variable.","description_kind":"plain","optional":true},"email":{"type":"string","description":"Authorization email (required). Can also be specified with KTAPI_AUTH_EMAIL environment variable.","description_kind":"plain","required":true},"log_payloads":{"type":"bool","description":"Log payloads flag enables verbose debug logs of requests and responses (optional). Can also be specified with KTAPI_LOG_PAYLOADS environment variable.","description_kind":"plain","optional":true},"token":{"type":"string","description":"Authorization token (required). Can also be specified with KTAPI_AUTH_TOKEN environment variable.","description_kind":"plain","required":true,"sensitive":true}},"block_types":{"retry":{"nesting_mode":"list","block":{"attributes":{"max_attempts":{"type":"number","description":"Maximum number of request retry attempts. Minimum valid value: 1 (0 fallbacks to default). Default: 100. Can also be specified with KTAPI_RETRY_MAX_ATTEMPTS environment variable.","description_kind":"plain","optional":true},"max_delay":{"type":"string","description":"Maximum delay before request retry. Expected Go time duration format, e.g. 1s (see: \u003chttps://pkg.go.dev/time#ParseDuration\u003e). Default: 5m (5 minutes). Can also be specified with KTAPI_RETRY_MAX_DELAY environment variable.","description_kind":"plain","optional":true},"min_delay":{"type":"string","description":"Minimum delay before request retry. Expected Go time duration format, e.g. 1s (see: \u003chttps://pkg.go.dev/time#ParseDuration\u003e). Default: 1s (1 second). Can also be specified with KTAPI_RETRY_MIN_DELAY environment variable.","description_kind":"plain","optional":true}},"description":"Configuration for API client retry mechanism","description_kind":"plain"},"max_items":1}},"description_kind":"plain"}},"resource_schemas":{"kentik-synthetics_test":{"version":0,"block":{"attributes":{"cdate":{"type":"string","description_kind":"plain","computed":true},"created_by":{"type":["list",["object",{"email":"string","full_name":"string","id":"string"}]],"description_kind":"plain","computed":true},"edate":{"type":"string","description_kind":"plain","computed":true},"expires_on":{"type":"string","description_kind":"plain","computed":true},"id":{"type":"string","description_kind":"plain","computed":true},"last_updated_by":{"type":["list",["object",{"email":"string","full_name":"string","id":"string"}]],"description_kind":"plain","computed":true},"name":{"type":"string","description_kind":"plain","required":true},"status":{"type":"string","description_kind":"plain","required":true},"type":{"type":"string","description_kind":"plain","required":true}},"block_types":{"settings":{"nesting_mode":"list","block":{"attributes":{"agent_ids":{"type":["list","string"],"description_kind":"plain","required":true},"count":{"type":"number","description_kind":"plain","optional":true},"expiry":{"type":"number","description_kind":"plain","optional":true},"family":{"type":"string","description_kind":"plain","required":true},"limit":{"type":"number","description_kind":"plain","optional":true},"period":{"type":"number","description_kind":"plain","optional":true},"port":{"type":"number","description_kind":"plain","optional":true},"protocol":{"type":"string","description_kind":"plain","required":true},"reciprocal":{"type":"bool","description_kind":"plain","optional":true},"rollup_level":{"type":"number","description_kind":"plain","required":true},"servers":{"type":["list","string"],"description_kind":"plain","optional":true},"tasks":{"type":["list","string"],"description_kind":"plain","required":true},"use_local_ip":{"type":"bool","description_kind":"plain","optional":true}},"block_types":{"agent":{"nesting_mode":"list","block":{"attributes":{"target":{"type":"string","description_kind":"plain","required":true}},"description_kind":"plain"}},"dns":{"nesting_mode":"list","block":{"attributes":{"target":{"type":"string","description_kind":"plain","required":true}},"description_kind":"plain"}},"flow":{"nesting_mode":"list","block":{"attributes":{"max_tasks":{"type":"number","description_kind":"plain","optional":true},"target":{"type":"string","description_kind":"plain","required":true},"target_refresh_interval_millis":{"type":"number","description_kind":"plain","optional":true},"type":{"type":"string","description_kind":"plain","required":true}},"description_kind":"plain"}},"health_settings":{"nesting_mode":"list","block":{"attributes":{"dns_valid_codes":{"type":["list","number"],"description_kind":"plain","optional":true},"http_latency_critical":{"type":"number","description_kind":"plain","optional":true},"http_latency_warning":{"type":"number","description_kind":"plain","optional":true},"http_valid_codes":{"type":["list","number"],"description_kind":"plain","optional":true},"jitter_critical":{"type":"number","description_kind":"plain","optional":true},"jitter_warning":{"type":"number","description_kind":"plain","optional":true},"latency_critical":{"type":"number","description_kind":"plain","optional":true},"latency_warning":{"type":"number","description_kind":"plain","optional":true},"packet_loss_critical":{"type":"number","description_kind":"plain","optional":true},"packet_loss_warning":{"type":"number","description_kind":"plain","optional":true}},"description_kind":"plain"}},"hostname":{"nesting_mode":"list","block":{"attributes":{"target":{"type":"string","description_kind":"plain","required":true}},"description_kind":"plain"}},"ip":{"nesting_mode":"list","block":{"attributes":{"targets":{"type":["list","string"],"description_kind":"plain","required":true}},"description_kind":"plain"}},"monitoring_settings":{"nesting_mode":"list","block":{"attributes":{"activation_grace_period":{"type":"string","description_kind":"plain","optional":true},"activation_time_unit":{"type":"string","description_kind":"plain","required":true},"activation_time_window":{"type":"string","description_kind":"plain","required":true},"activation_times":{"type":"string","description_kind":"plain","required":true},"notification_channels":{"type":["list","string"],"description_kind":"plain","optional":true}},"description_kind":"plain"},"min_items":1},"ping":{"nesting_mode":"list","block":{"attributes":{"count":{"type":"number","description_kind":"plain","optional":true},"expiry":{"type":"number","description_kind":"plain","optional":true},"period":{"type":"number","description_kind":"plain","required":true}},"description_kind":"plain"}},"site":{"nesting_mode":"list","block":{"attributes":{"target":{"type":"string","description_kind":"plain","required":true}},"description_kind":"plain"}},"tag":{"nesting_mode":"list","block":{"attributes":{"target":{"type":"string","description_kind":"plain","required":true}},"description_kind":"plain"}},"trace":{"nesting_mode":"list","block":{"attributes":{"count":{"type":"number","description_kind":"plain","optional":true},"expiry":{"type":"number","description_kind":"plain","optional":true},"limit":{"type":"number","description_kind":"plain","optional":true},"period":{"type":"number","description_kind":"plain","required":true},"port":{"type":"number","description_kind":"plain","optional":true},"protocol":{"type":"string","description_kind":"plain","required":true}},"description_kind":"plain"},"min_items":1},"url":{"nesting_mode":"list","block":{"attributes":{"target":{"type":"string","description_kind":"plain","required":true}},"description_kind":"plain"}}},"description_kind":"plain"},"min_items":1}},"description":"Resource representing synthetic test","description_kind":"plain"}}},"data_source_schemas":{"kentik-synthetics_agent":{"version":0,"block":{"attributes":{"alias":{"type":"string","description_kind":"plain","computed":true},"asn":{"type":"number","description_kind":"plain","computed":true},"challenge":{"type":"string","description_kind":"plain","computed":true},"city":{"type":"string","description_kind":"plain","computed":true},"country":{"type":"string","description_kind":"plain","computed":true},"family":{"type":"string","description_kind":"plain","computed":true},"id":{"type":"string","description_kind":"plain","required":true},"ip":{"type":"string","description_kind":"plain","computed":true},"last_authed":{"type":"string","description_kind":"plain","computed":true},"lat":{"type":"number","description_kind":"plain","computed":true},"local_ip":{"type":"string","description_kind":"plain","computed":true},"long":{"type":"number","description_kind":"plain","computed":true},"name":{"type":"string","description_kind":"plain","computed":true},"os":{"type":"string","description_kind":"plain","computed":true},"region":{"type":"string","description_kind":"plain","computed":true},"site_id":{"type":"string","description_kind":"plain","computed":true},"status":{"type":"string","description_kind":"plain","computed":true},"test_ids":{"type":["list","string"],"description_kind":"plain","computed":true},"type":{"type":"string","description_kind":"plain","computed":true},"version":{"type":"string","description_kind":"plain","computed":true}},"description":"DataSource representing single synthetic test agent","description_kind":"plain"}},"kentik-synthetics_agents":{"version":0,"block":{"attributes":{"id":{"type":"string","description_kind":"plain","optional":true,"computed":true},"invalid_agents_count":{"type":"number","description_kind":"plain","computed":true},"items":{"type":["list",["object",{"alias":"string","asn":"number","challenge":"string","city":"string","country":"string","family":"string","id":"string","ip":"string","last_authed":"string","lat":"number","local_ip":"string","long":"number","name":"string","os":"string","region":"string","site_id":"string","status":"string","test_ids":["list","string"],"type":"string","version":"string"}]],"description_kind":"plain","computed":true},"latitude":{"type":"number","description_kind":"plain","optional":true},"longitude":{"type":"number","description_kind":"plain","optional":true},"max_distance":{"type":"number","description_kind":"plain","optional":true},"min_distance":{"type":"number","description_kind":"plain","optional":true}},"description":"DataSource representing list of synthetic test agents","description_kind":"plain"}},"kentik-synthetics_test":{"version":0,"block":{"attributes":{"cdate":{"type":"string","description_kind":"plain","computed":true},"created_by":{"type":["list",["object",{"email":"string","full_name":"string","id":"string"}]],"description_kind":"plain","computed":true},"edate":{"type":"string","description_kind":"plain","computed":true},"expires_on":{"type":"string","description_kind":"plain","computed":true},"id":{"type":"string","description_kind":"plain","required":true},"last_updated_by":{"type":["list",["object",{"email":"string","full_name":"string","id":"string"}]],"description_kind":"plain","computed":true},"name":{"type":"string","description_kind":"plain","computed":true},"settings":{"type":["list",["object",{"agent":["list",["object",{"target":"string"}]],"agent_ids":["list","string"],"count":"number","dns":["list",["object",{"target":"string"}]],"expiry":"number","family":"string","flow":["list",["object",{"max_tasks":"number","target":"string","target_refresh_interval_millis":"number","type":"string"}]],"health_settings":["list",["object",{"dns_valid_codes":["list","number"],"http_latency_critical":"number","http_latency_warning":"number","http_valid_codes":["list","number"],"jitter_critical":"number","jitter_warning":"number","latency_critical":"number","latency_warning":"number","packet_loss_critical":"number","packet_loss_warning":"number"}]],"hostname":["list",["object",{"target":"string"}]],"ip":["list",["object",{"targets":["list","string"]}]],"limit":"number","monitoring_settings":["list",["object",{"activation_grace_period":"string","activation_time_unit":"string","activation_time_window":"string","activation_times":"string","notification_channels":["list","string"]}]],"period":"number","ping":["list",["object",{"count":"number","expiry":"number","period":"number"}]],"port":"number","protocol":"string","reciprocal":"bool","rollup_level":"number","servers":["list","string"],"site":["list",["object",{"target":"string"}]],"tag":["list",["object",{"target":"string"}]],"tasks":["list","string"],"trace":["list",["object",{"count":"number","expiry":"number","limit":"number","period":"number","port":"number","protocol":"string"}]],"url":["list",["object",{"target":"string"}]],"use_local_ip":"bool"}]],"description_kind":"plain","computed":true},"status":{"type":"string","description_kind":"plain","computed":true},"type":{"type":"string","description_kind":"plain","computed":true}},"description":"DataSource representing single synthetic test","description_kind":"plain"}},"kentik-synthetics_tests":{"version":0,"block":{"attributes":{"id":{"type":"string","description_kind":"plain","optional":true,"computed":true},"invalid_tests_count":{"type":"number","description_kind":"plain","computed":true},"items":{"type":["list",["object",{"cdate":"string","created_by":["list",["object",{"email":"string","full_name":"string","id":"string"}]],"edate":"string","expires_on":"string","id":"string","last_updated_by":["list",["object",{"email":"string","full_name":"string","id":"string"}]],"name":"string","settings":["list",["object",{"agent":["list",["object",{"target":"string"}]],"agent_ids":["list","string"],"count":"number","dns":["list",["object",{"target":"string"}]],"expiry":"number","family":"string","flow":["list",["object",{"max_tasks":"number","target":"string","target_refresh_interval_millis":"number","type":"string"}]],"health_settings":["list",["object",{"dns_valid_codes":["list","number"],"http_latency_critical":"number","http_latency_warning":"number","http_valid_codes":["list","number"],"jitter_critical":"number","jitter_warning":"number","latency_critical":"number","latency_warning":"number","packet_loss_critical":"number","packet_loss_warning":"number"}]],"hostname":["list",["object",{"target":"string"}]],"ip":["list",["object",{"targets":["list","string"]}]],"limit":"number","monitoring_settings":["list",["object",{"activation_grace_period":"string","activation_time_unit":"string","activation_time_window":"string","activation_times":"string","notification_channels":["list","string"]}]],"period":"number","ping":["list",["object",{"count":"number","expiry":"number","period":"number"}]],"port":"number","protocol":"string","reciprocal":"bool","rollup_level":"number","servers":["list","string"],"site":["list",["object",{"target":"string"}]],"tag":["list",["object",{"target":"string"}]],"tasks":["list","string"],"trace":["list",["object",{"count":"number","expiry":"number","limit":"number","period":"number","port":"number","protocol":"string"}]],"url":["list",["object",{"target":"string"}]],"use_local_ip":"bool"}]],"status":"string","type":"string"}]],"description_kind":"plain","computed":true}},"description":"DataSource representing list of synthetic test tests","description_kind":"plain"}}}}}}
