{"format_version":"0.2","provider_schemas":{"registry.terraform.io/kestra-io/kestra":{"provider":{"version":0,"block":{"attributes":{"jwt":{"type":"string","description":"Kestra JWT token","description_kind":"markdown","optional":true,"sensitive":true},"password":{"type":"string","description":"Kestra BasicAuth password","description_kind":"markdown","optional":true,"sensitive":true},"url":{"type":"string","description":"Kestra full endpoint url without trailing slash","description_kind":"markdown","optional":true},"username":{"type":"string","description":"Kestra BasicAuth username","description_kind":"markdown","optional":true}},"description_kind":"plain"}},"resource_schemas":{"kestra_flow":{"version":0,"block":{"attributes":{"content":{"type":"string","description":"The flow full content in yaml string.","description_kind":"markdown","required":true},"flow_id":{"type":"string","description":"The flow id.","description_kind":"markdown","required":true},"id":{"type":"string","description_kind":"plain","optional":true,"computed":true},"namespace":{"type":"string","description":"The flow namespace.","description_kind":"markdown","required":true},"revision":{"type":"number","description":"The flow revision.","description_kind":"markdown","computed":true}},"description":"Manages a Kestra Flow.","description_kind":"markdown"}},"kestra_group":{"version":0,"block":{"attributes":{"description":{"type":"string","description":"The group description.","description_kind":"markdown","optional":true},"global_roles":{"type":["list","string"],"description":"The group global roles ids.","description_kind":"markdown","optional":true},"id":{"type":"string","description_kind":"plain","optional":true,"computed":true},"name":{"type":"string","description":"The group name.","description_kind":"markdown","required":true}},"block_types":{"namespace_roles":{"nesting_mode":"set","block":{"attributes":{"namespace":{"type":"string","description":"The namespace.","description_kind":"markdown","required":true},"roles":{"type":"string","description":"The roles id this namespace.","description_kind":"markdown","required":true}},"description":"The namespace roles for this group.","description_kind":"markdown"}}},"description":"Manages a Kestra Group.","description_kind":"markdown"}},"kestra_namespace":{"version":0,"block":{"attributes":{"id":{"type":"string","description_kind":"plain","optional":true,"computed":true},"name":{"type":"string","description":"The namespace friendly name.","description_kind":"markdown","optional":true},"namespace_id":{"type":"string","description":"The namespace.","description_kind":"markdown","required":true},"task_defaults":{"type":"string","description":"The namespace task defaults in yaml string.","description_kind":"markdown","optional":true},"variables":{"type":"string","description":"The namespace variables in yaml string.","description_kind":"markdown","optional":true}},"description":"Manages a Kestra Namespace.","description_kind":"markdown"}},"kestra_namespace_secret":{"version":0,"block":{"attributes":{"id":{"type":"string","description_kind":"plain","optional":true,"computed":true},"namespace":{"type":"string","description":"The namespace.","description_kind":"markdown","required":true},"secret_key":{"type":"string","description":"The namespace secrey key.","description_kind":"markdown","required":true},"secret_value":{"type":"string","description":"The namespace secrey value.","description_kind":"markdown","required":true,"sensitive":true}},"description":"Manages a Kestra Namespace Secret.","description_kind":"markdown"}},"kestra_role":{"version":0,"block":{"attributes":{"description":{"type":"string","description":"The role description.","description_kind":"markdown","optional":true},"id":{"type":"string","description_kind":"plain","optional":true,"computed":true},"name":{"type":"string","description":"The role name.","description_kind":"markdown","required":true}},"block_types":{"permissions":{"nesting_mode":"set","block":{"attributes":{"permissions":{"type":["list","string"],"description":"The permissions for this type.","description_kind":"markdown","required":true},"type":{"type":"string","description":"The type of permission.","description_kind":"markdown","required":true}},"description":"The role permissions.","description_kind":"markdown"}}},"description":"Manages a Kestra Role.","description_kind":"markdown"}},"kestra_template":{"version":0,"block":{"attributes":{"content":{"type":"string","description":"The template full content in yaml string.","description_kind":"markdown","required":true},"id":{"type":"string","description_kind":"plain","optional":true,"computed":true},"namespace":{"type":"string","description":"The template namespace.","description_kind":"markdown","required":true},"template_id":{"type":"string","description":"The template id.","description_kind":"markdown","required":true}},"description":"Manages a Kestra Template.","description_kind":"markdown"}},"kestra_user":{"version":0,"block":{"attributes":{"description":{"type":"string","description":"The user description.","description_kind":"markdown","optional":true},"email":{"type":"string","description":"The user email.","description_kind":"markdown","optional":true},"first_name":{"type":"string","description":"The user first name.","description_kind":"markdown","optional":true},"groups":{"type":["list","string"],"description":"The user groups id.","description_kind":"markdown","optional":true},"id":{"type":"string","description_kind":"plain","optional":true,"computed":true},"last_name":{"type":"string","description":"The user last name.","description_kind":"markdown","optional":true},"username":{"type":"string","description":"The user name.","description_kind":"markdown","required":true}},"description":"Manages a Kestra User.","description_kind":"markdown"}},"kestra_user_password":{"version":0,"block":{"attributes":{"id":{"type":"string","description_kind":"plain","optional":true,"computed":true},"password":{"type":"string","description":"The user password.","description_kind":"markdown","required":true,"sensitive":true},"user_id":{"type":"string","description":"The user id.","description_kind":"markdown","required":true}},"description":"Manages a Kestra User Basic Auth Password.","description_kind":"markdown"}}},"data_source_schemas":{"kestra_flow":{"version":0,"block":{"attributes":{"content":{"type":"string","description":"The flow content as yaml.","description_kind":"markdown","computed":true},"flow_id":{"type":"string","description":"The flow id.","description_kind":"markdown","required":true},"id":{"type":"string","description_kind":"plain","optional":true,"computed":true},"namespace":{"type":"string","description":"The namespace.","description_kind":"markdown","required":true},"revision":{"type":"number","description":"The flow revision.","description_kind":"markdown","computed":true}},"description":"Use this data source to access information about an existing Kestra Flow","description_kind":"markdown"}},"kestra_group":{"version":0,"block":{"attributes":{"description":{"type":"string","description":"The group description.","description_kind":"markdown","computed":true},"global_roles":{"type":["list","string"],"description":"The group global roles in yaml string.","description_kind":"markdown","computed":true},"group_id":{"type":"string","description":"The group.","description_kind":"markdown","required":true},"id":{"type":"string","description_kind":"plain","optional":true,"computed":true},"name":{"type":"string","description":"The group name.","description_kind":"markdown","computed":true},"namespace_roles":{"type":["set",["object",{"namespace":"string","roles":"string"}]],"description":"The group namespace roles in yaml string.","description_kind":"markdown","computed":true}},"description":"Use this data source to access information about an existing Kestra Group.","description_kind":"markdown"}},"kestra_namespace":{"version":0,"block":{"attributes":{"id":{"type":"string","description_kind":"plain","optional":true,"computed":true},"name":{"type":"string","description":"The namespace friendly name.","description_kind":"markdown","computed":true},"namespace_id":{"type":"string","description":"The namespace.","description_kind":"markdown","required":true},"task_defaults":{"type":"string","description":"The namespace task defaults.","description_kind":"markdown","computed":true},"variables":{"type":"string","description":"The namespace variables.","description_kind":"markdown","computed":true}},"description":"Use this data source to access information about an existing Kestra Namespace.","description_kind":"markdown"}},"kestra_role":{"version":0,"block":{"attributes":{"description":{"type":"string","description":"The role description.","description_kind":"markdown","computed":true},"id":{"type":"string","description_kind":"plain","optional":true,"computed":true},"name":{"type":"string","description":"The role name.","description_kind":"markdown","computed":true},"permissions":{"type":["set",["object",{"permissions":["list","string"],"type":"string"}]],"description":"The role permissions.","description_kind":"markdown","computed":true},"role_id":{"type":"string","description":"The role.","description_kind":"markdown","required":true}},"description":"Use this data source to access information about an existing Kestra Role.","description_kind":"markdown"}},"kestra_template":{"version":0,"block":{"attributes":{"content":{"type":"string","description":"The template content as yaml.","description_kind":"markdown","computed":true},"id":{"type":"string","description_kind":"plain","optional":true,"computed":true},"namespace":{"type":"string","description":"The namespace.","description_kind":"markdown","required":true},"template_id":{"type":"string","description":"The template id.","description_kind":"markdown","required":true}},"description":"Use this data source to access information about an existing Kestra Template","description_kind":"markdown"}},"kestra_user":{"version":0,"block":{"attributes":{"description":{"type":"string","description":"The user description.","description_kind":"markdown","computed":true},"email":{"type":"string","description":"The user email.","description_kind":"markdown","computed":true},"first_name":{"type":"string","description":"The user first name.","description_kind":"markdown","computed":true},"groups":{"type":["list","string"],"description":"The user global roles in yaml string.","description_kind":"markdown","computed":true},"id":{"type":"string","description_kind":"plain","optional":true,"computed":true},"last_name":{"type":"string","description":"The user last name.","description_kind":"markdown","computed":true},"user_id":{"type":"string","description":"The user.","description_kind":"markdown","required":true},"username":{"type":"string","description":"The user name.","description_kind":"markdown","computed":true}},"description":"Use this data source to access information about an existing Kestra User.","description_kind":"markdown"}}}}}}
