{"format_version":"0.2","provider_schemas":{"registry.terraform.io/kevholditch/kong":{"provider":{"version":0,"block":{"attributes":{"kong_admin_password":{"type":"string","description":"An basic auth password for kong admin","description_kind":"plain","optional":true},"kong_admin_token":{"type":"string","description":"API key for the kong api (Enterprise Edition)","description_kind":"plain","optional":true},"kong_admin_uri":{"type":"string","description":"The address of the kong admin url e.g. http://localhost:8001","description_kind":"plain","optional":true},"kong_admin_username":{"type":"string","description":"An basic auth user for kong admin","description_kind":"plain","optional":true},"kong_api_key":{"type":"string","description":"API key for the kong api (if you have locked it down)","description_kind":"plain","optional":true},"kong_workspace":{"type":"string","description":"Workspace context (Enterprise Edition)","description_kind":"plain","optional":true},"strict_plugins_match":{"type":"bool","description":"Should plugins `config_json` field strictly match plugin configuration","description_kind":"plain","optional":true},"tls_skip_verify":{"type":"bool","description":"Whether to skip tls verify for https kong api endpoint using self signed or untrusted certs","description_kind":"plain","optional":true}},"description_kind":"plain"}},"resource_schemas":{"kong_certificate":{"version":0,"block":{"attributes":{"certificate":{"type":"string","description_kind":"plain","required":true},"id":{"type":"string","description_kind":"plain","optional":true,"computed":true},"private_key":{"type":"string","description_kind":"plain","optional":true,"sensitive":true},"snis":{"type":["list","string"],"description_kind":"plain","optional":true},"tags":{"type":["list","string"],"description_kind":"plain","optional":true}},"description_kind":"plain"}},"kong_consumer":{"version":0,"block":{"attributes":{"custom_id":{"type":"string","description_kind":"plain","optional":true},"id":{"type":"string","description_kind":"plain","optional":true,"computed":true},"tags":{"type":["list","string"],"description_kind":"plain","optional":true},"username":{"type":"string","description_kind":"plain","optional":true}},"description_kind":"plain"}},"kong_consumer_acl":{"version":0,"block":{"attributes":{"consumer_id":{"type":"string","description_kind":"plain","required":true},"group":{"type":"string","description_kind":"plain","required":true},"id":{"type":"string","description_kind":"plain","optional":true,"computed":true},"tags":{"type":["list","string"],"description_kind":"plain","optional":true}},"description_kind":"plain"}},"kong_consumer_basic_auth":{"version":0,"block":{"attributes":{"consumer_id":{"type":"string","description_kind":"plain","required":true},"id":{"type":"string","description_kind":"plain","optional":true,"computed":true},"password":{"type":"string","description_kind":"plain","required":true},"tags":{"type":["list","string"],"description_kind":"plain","optional":true},"username":{"type":"string","description_kind":"plain","required":true}},"description_kind":"plain"}},"kong_consumer_jwt_auth":{"version":0,"block":{"attributes":{"algorithm":{"type":"string","description_kind":"plain","optional":true},"consumer_id":{"type":"string","description_kind":"plain","required":true},"id":{"type":"string","description_kind":"plain","optional":true,"computed":true},"key":{"type":"string","description_kind":"plain","optional":true},"rsa_public_key":{"type":"string","description_kind":"plain","required":true},"secret":{"type":"string","description_kind":"plain","optional":true},"tags":{"type":["list","string"],"description_kind":"plain","optional":true}},"description_kind":"plain"}},"kong_consumer_key_auth":{"version":0,"block":{"attributes":{"consumer_id":{"type":"string","description_kind":"plain","required":true},"id":{"type":"string","description_kind":"plain","optional":true,"computed":true},"key":{"type":"string","description_kind":"plain","optional":true,"computed":true,"sensitive":true},"tags":{"type":["list","string"],"description_kind":"plain","optional":true}},"description_kind":"plain"}},"kong_plugin":{"version":0,"block":{"attributes":{"computed_config":{"type":"string","description_kind":"plain","computed":true},"config_json":{"type":"string","description":"plugin configuration in JSON format, configuration must be a valid JSON object.","description_kind":"plain","optional":true},"consumer_id":{"type":"string","description_kind":"plain","optional":true},"enabled":{"type":"bool","description_kind":"plain","optional":true},"id":{"type":"string","description_kind":"plain","optional":true,"computed":true},"name":{"type":"string","description_kind":"plain","required":true},"route_id":{"type":"string","description_kind":"plain","optional":true},"service_id":{"type":"string","description_kind":"plain","optional":true},"strict_match":{"type":"bool","description_kind":"plain","optional":true},"tags":{"type":["list","string"],"description_kind":"plain","optional":true}},"description_kind":"plain"}},"kong_route":{"version":0,"block":{"attributes":{"hosts":{"type":["list","string"],"description_kind":"plain","optional":true},"https_redirect_status_code":{"type":"number","description_kind":"plain","optional":true},"id":{"type":"string","description_kind":"plain","optional":true,"computed":true},"methods":{"type":["list","string"],"description_kind":"plain","optional":true},"name":{"type":"string","description_kind":"plain","optional":true},"path_handling":{"type":"string","description_kind":"plain","optional":true},"paths":{"type":["list","string"],"description_kind":"plain","optional":true},"preserve_host":{"type":"bool","description_kind":"plain","optional":true},"protocols":{"type":["list","string"],"description_kind":"plain","required":true},"regex_priority":{"type":"number","description_kind":"plain","optional":true},"request_buffering":{"type":"bool","description_kind":"plain","optional":true},"response_buffering":{"type":"bool","description_kind":"plain","optional":true},"service_id":{"type":"string","description_kind":"plain","required":true},"snis":{"type":["list","string"],"description_kind":"plain","optional":true},"strip_path":{"type":"bool","description_kind":"plain","optional":true},"tags":{"type":["list","string"],"description_kind":"plain","optional":true}},"block_types":{"destination":{"nesting_mode":"set","block":{"attributes":{"ip":{"type":"string","description_kind":"plain","optional":true},"port":{"type":"number","description_kind":"plain","optional":true}},"description_kind":"plain"}},"header":{"nesting_mode":"set","block":{"attributes":{"name":{"type":"string","description_kind":"plain","required":true},"values":{"type":["list","string"],"description_kind":"plain","required":true}},"description_kind":"plain"}},"source":{"nesting_mode":"set","block":{"attributes":{"ip":{"type":"string","description_kind":"plain","optional":true},"port":{"type":"number","description_kind":"plain","optional":true}},"description_kind":"plain"}}},"description_kind":"plain"}},"kong_service":{"version":0,"block":{"attributes":{"ca_certificate_ids":{"type":["list","string"],"description_kind":"plain","optional":true},"client_certificate_id":{"type":"string","description_kind":"plain","optional":true},"connect_timeout":{"type":"number","description_kind":"plain","optional":true},"host":{"type":"string","description_kind":"plain","optional":true},"id":{"type":"string","description_kind":"plain","optional":true,"computed":true},"name":{"type":"string","description_kind":"plain","required":true},"path":{"type":"string","description_kind":"plain","optional":true},"port":{"type":"number","description_kind":"plain","optional":true},"protocol":{"type":"string","description_kind":"plain","required":true},"read_timeout":{"type":"number","description_kind":"plain","optional":true},"retries":{"type":"number","description_kind":"plain","optional":true},"tags":{"type":["list","string"],"description_kind":"plain","optional":true},"tls_verify":{"type":"bool","description_kind":"plain","optional":true},"tls_verify_depth":{"type":"number","description_kind":"plain","optional":true},"write_timeout":{"type":"number","description_kind":"plain","optional":true}},"description_kind":"plain"}},"kong_target":{"version":0,"block":{"attributes":{"id":{"type":"string","description_kind":"plain","optional":true,"computed":true},"tags":{"type":["list","string"],"description_kind":"plain","optional":true},"target":{"type":"string","description_kind":"plain","required":true},"upstream_id":{"type":"string","description_kind":"plain","required":true},"weight":{"type":"number","description_kind":"plain","required":true}},"description_kind":"plain"}},"kong_upstream":{"version":0,"block":{"attributes":{"client_certificate_id":{"type":"string","description_kind":"plain","optional":true},"hash_fallback":{"type":"string","description_kind":"plain","optional":true},"hash_fallback_header":{"type":"string","description_kind":"plain","optional":true},"hash_on":{"type":"string","description_kind":"plain","optional":true},"hash_on_cookie":{"type":"string","description_kind":"plain","optional":true},"hash_on_cookie_path":{"type":"string","description_kind":"plain","optional":true},"hash_on_header":{"type":"string","description_kind":"plain","optional":true},"host_header":{"type":"string","description_kind":"plain","optional":true},"id":{"type":"string","description_kind":"plain","optional":true,"computed":true},"name":{"type":"string","description_kind":"plain","required":true},"slots":{"type":"number","description_kind":"plain","optional":true},"tags":{"type":["list","string"],"description_kind":"plain","optional":true}},"block_types":{"healthchecks":{"nesting_mode":"list","block":{"block_types":{"active":{"nesting_mode":"list","block":{"attributes":{"concurrency":{"type":"number","description_kind":"plain","optional":true},"http_path":{"type":"string","description_kind":"plain","optional":true},"https_sni":{"type":"string","description_kind":"plain","optional":true},"https_verify_certificate":{"type":"bool","description_kind":"plain","optional":true},"timeout":{"type":"number","description_kind":"plain","optional":true},"type":{"type":"string","description_kind":"plain","optional":true}},"block_types":{"healthy":{"nesting_mode":"list","block":{"attributes":{"http_statuses":{"type":["list","number"],"description_kind":"plain","optional":true,"computed":true},"interval":{"type":"number","description_kind":"plain","optional":true,"computed":true},"successes":{"type":"number","description_kind":"plain","optional":true,"computed":true}},"description_kind":"plain"},"max_items":1},"unhealthy":{"nesting_mode":"list","block":{"attributes":{"http_failures":{"type":"number","description_kind":"plain","optional":true,"computed":true},"http_statuses":{"type":["list","number"],"description_kind":"plain","optional":true,"computed":true},"interval":{"type":"number","description_kind":"plain","optional":true,"computed":true},"tcp_failures":{"type":"number","description_kind":"plain","optional":true,"computed":true},"timeouts":{"type":"number","description_kind":"plain","optional":true,"computed":true}},"description_kind":"plain"},"max_items":1}},"description_kind":"plain"},"max_items":1},"passive":{"nesting_mode":"list","block":{"attributes":{"type":{"type":"string","description_kind":"plain","optional":true}},"block_types":{"healthy":{"nesting_mode":"list","block":{"attributes":{"http_statuses":{"type":["list","number"],"description_kind":"plain","optional":true},"successes":{"type":"number","description_kind":"plain","optional":true}},"description_kind":"plain"},"max_items":1},"unhealthy":{"nesting_mode":"list","block":{"attributes":{"http_failures":{"type":"number","description_kind":"plain","optional":true},"http_statuses":{"type":["list","number"],"description_kind":"plain","optional":true},"tcp_failures":{"type":"number","description_kind":"plain","optional":true},"timeouts":{"type":"number","description_kind":"plain","optional":true}},"description_kind":"plain"},"max_items":1}},"description_kind":"plain"},"max_items":1}},"description_kind":"plain"},"max_items":1}},"description_kind":"plain"}}}}}}
