{"format_version":"0.2","provider_schemas":{"registry.terraform.io/kingsoftcloud/ksyun":{"provider":{"version":0,"block":{"attributes":{"access_key":{"type":"string","description":"ak","description_kind":"plain","optional":true},"insecure":{"type":"bool","description":"true","description_kind":"plain","optional":true},"region":{"type":"string","description":"cn-beijing-6","description_kind":"plain","optional":true},"secret_key":{"type":"string","description":"sk","description_kind":"plain","optional":true}},"description_kind":"plain"}},"resource_schemas":{"ksyun_certificate":{"version":0,"block":{"attributes":{"certificate_id":{"type":"string","description_kind":"plain","computed":true},"certificate_name":{"type":"string","description_kind":"plain","optional":true},"id":{"type":"string","description_kind":"plain","optional":true,"computed":true},"private_key":{"type":"string","description_kind":"plain","required":true},"public_key":{"type":"string","description_kind":"plain","required":true}},"description_kind":"plain"}},"ksyun_eip":{"version":0,"block":{"attributes":{"allocation_id":{"type":"string","description_kind":"plain","computed":true},"band_width":{"type":"number","description_kind":"plain","required":true},"band_width_share_id":{"type":"string","description_kind":"plain","computed":true},"charge_type":{"type":"string","description_kind":"plain","required":true},"create_time":{"type":"string","description_kind":"plain","computed":true},"id":{"type":"string","description_kind":"plain","optional":true,"computed":true},"instance_id":{"type":"string","description_kind":"plain","computed":true},"instance_type":{"type":"string","description_kind":"plain","computed":true},"internet_gateway_id":{"type":"string","description_kind":"plain","computed":true},"is_band_width_share":{"type":"string","description_kind":"plain","computed":true},"line_id":{"type":"string","description_kind":"plain","required":true},"network_interface_id":{"type":"string","description_kind":"plain","computed":true},"project_id":{"type":"string","description_kind":"plain","optional":true},"public_ip":{"type":"string","description_kind":"plain","computed":true},"purchase_time":{"type":"number","description_kind":"plain","optional":true},"state":{"type":"string","description_kind":"plain","computed":true}},"description_kind":"plain"}},"ksyun_eip_associate":{"version":0,"block":{"attributes":{"allocation_id":{"type":"string","description_kind":"plain","required":true},"band_width":{"type":"number","description_kind":"plain","computed":true},"band_width_share_id":{"type":"string","description_kind":"plain","computed":true},"create_time":{"type":"string","description_kind":"plain","computed":true},"id":{"type":"string","description_kind":"plain","optional":true,"computed":true},"instance_id":{"type":"string","description_kind":"plain","required":true},"instance_type":{"type":"string","description_kind":"plain","required":true},"internet_gateway_id":{"type":"string","description_kind":"plain","computed":true},"ip_version":{"type":"string","description_kind":"plain","computed":true},"is_band_width_share":{"type":"string","description_kind":"plain","computed":true},"line_id":{"type":"string","description_kind":"plain","computed":true},"network_interface_id":{"type":"string","description_kind":"plain","optional":true,"computed":true},"project_id":{"type":"string","description_kind":"plain","computed":true},"public_ip":{"type":"string","description_kind":"plain","computed":true},"state":{"type":"string","description_kind":"plain","computed":true}},"description_kind":"plain"}},"ksyun_healthcheck":{"version":0,"block":{"attributes":{"health_check_id":{"type":"string","description_kind":"plain","optional":true,"computed":true},"health_check_state":{"type":"string","description_kind":"plain","required":true},"healthy_threshold":{"type":"number","description_kind":"plain","required":true},"host_name":{"type":"string","description_kind":"plain","optional":true,"computed":true},"id":{"type":"string","description_kind":"plain","optional":true,"computed":true},"interval":{"type":"number","description_kind":"plain","optional":true},"is_default_host_name":{"type":"bool","description_kind":"plain","optional":true},"listener_id":{"type":"string","description_kind":"plain","required":true},"timeout":{"type":"number","description_kind":"plain","required":true},"unhealthy_threshold":{"type":"number","description_kind":"plain","optional":true},"url_path":{"type":"string","description_kind":"plain","optional":true,"computed":true}},"description_kind":"plain"}},"ksyun_instance":{"version":0,"block":{"attributes":{"auto_scaling_type":{"type":"string","description_kind":"plain","computed":true},"availability_zone":{"type":"string","description_kind":"plain","computed":true},"availability_zone_name":{"type":"string","description_kind":"plain","computed":true},"charge_type":{"type":"string","description_kind":"plain","required":true},"creation_date":{"type":"string","description_kind":"plain","computed":true},"d_n_s1":{"type":"string","description_kind":"plain","optional":true,"computed":true},"d_n_s2":{"type":"string","description_kind":"plain","optional":true,"computed":true},"data_disk_gb":{"type":"number","description_kind":"plain","optional":true},"data_guard_id":{"type":"string","description_kind":"plain","optional":true,"computed":true},"force_delete":{"type":"bool","description_kind":"plain","optional":true,"computed":true},"group_set":{"type":["list",["object",{"group_id":"string"}]],"description_kind":"plain","computed":true},"host_name":{"type":"string","description_kind":"plain","optional":true,"computed":true},"id":{"type":"string","description_kind":"plain","optional":true,"computed":true},"image_id":{"type":"string","description_kind":"plain","required":true},"instance_configure":{"type":["list",["object",{"data_disk_gb":"number","g_p_u":"number","memory_gb":"number","v_c_p_u":"number"}]],"description_kind":"plain","computed":true},"instance_id":{"type":"string","description_kind":"plain","computed":true},"instance_name":{"type":"string","description_kind":"plain","optional":true,"computed":true},"instance_name_suffix":{"type":"string","description_kind":"plain","optional":true,"computed":true},"instance_password":{"type":"string","description_kind":"plain","optional":true,"computed":true,"sensitive":true},"instance_state":{"type":["list",["object",{"name":"string"}]],"description_kind":"plain","computed":true},"instance_type":{"type":"string","description_kind":"plain","optional":true,"computed":true},"is_show_sriov_net_support":{"type":"bool","description_kind":"plain","computed":true},"keep_image_login":{"type":"bool","description_kind":"plain","optional":true,"computed":true},"key_id":{"type":["set","string"],"description_kind":"plain","optional":true,"computed":true},"mac_address":{"type":"string","description_kind":"plain","computed":true},"monitoring":{"type":["list",["object",{"state":"string"}]],"description_kind":"plain","computed":true},"network_interface_id":{"type":"string","description_kind":"plain","computed":true},"network_interface_type":{"type":"string","description_kind":"plain","computed":true},"private_ip_address":{"type":"string","description_kind":"plain","optional":true,"computed":true},"product_type":{"type":"number","description_kind":"plain","computed":true},"product_what":{"type":"number","description_kind":"plain","computed":true},"project_id":{"type":"number","description_kind":"plain","optional":true,"computed":true},"public_ip":{"type":"string","description_kind":"plain","computed":true},"purchase_time":{"type":"number","description_kind":"plain","optional":true},"security_group_id":{"type":["set","string"],"description_kind":"plain","required":true},"sriov_net_support":{"type":"string","description_kind":"plain","optional":true,"computed":true},"stopped_mode":{"type":"string","description_kind":"plain","computed":true},"subnet_id":{"type":"string","description_kind":"plain","required":true},"user_data":{"type":"string","description_kind":"plain","optional":true,"computed":true}},"block_types":{"data_disks":{"nesting_mode":"list","block":{"attributes":{"delete_with_instance":{"type":"bool","description_kind":"plain","optional":true},"disk_id":{"type":"string","description_kind":"plain","computed":true},"disk_size":{"type":"number","description_kind":"plain","required":true},"disk_type":{"type":"string","description_kind":"plain","optional":true,"computed":true}},"description_kind":"plain"},"max_items":8},"system_disk":{"nesting_mode":"list","block":{"attributes":{"disk_size":{"type":"number","description_kind":"plain","optional":true,"computed":true},"disk_type":{"type":"string","description_kind":"plain","optional":true,"computed":true}},"description_kind":"plain"},"max_items":1},"timeouts":{"nesting_mode":"single","block":{"attributes":{"create":{"type":"string","description_kind":"plain","optional":true},"delete":{"type":"string","description_kind":"plain","optional":true},"update":{"type":"string","description_kind":"plain","optional":true}},"description_kind":"plain"}}},"description_kind":"plain"}},"ksyun_krds":{"version":0,"block":{"attributes":{"availability_zone_1":{"type":"string","description_kind":"plain","optional":true},"availability_zone_2":{"type":"string","description_kind":"plain","optional":true},"bill_type":{"type":"string","description_kind":"plain","required":true},"db_instance_class":{"type":"string","description":"this value regex db.ram.d{1,3}|db.disk.d{1,5} , db.ram is rds random access memory size, db.disk is disk size","description_kind":"plain","required":true},"db_instance_identifier":{"type":"string","description":"source instance identifier","description_kind":"plain","optional":true,"computed":true},"db_instance_name":{"type":"string","description_kind":"plain","required":true},"db_instance_type":{"type":"string","description":"HRDS","description_kind":"plain","required":true},"db_parameter_group_id":{"type":"string","description":"proprietary db parameter group id for mysql","description_kind":"plain","optional":true,"computed":true},"duration":{"type":"number","description_kind":"plain","optional":true},"eip":{"type":"string","description_kind":"plain","optional":true},"eip_port":{"type":"number","description_kind":"plain","optional":true},"engine":{"type":"string","description":"engine is db type, only support mysql|percona","description_kind":"plain","required":true},"engine_version":{"type":"string","description":"db engine version only support 5.5|5.6|5.7|8.0","description_kind":"plain","required":true},"id":{"type":"string","description_kind":"plain","optional":true,"computed":true},"instance_create_time":{"type":"string","description_kind":"plain","optional":true,"computed":true},"instance_has_eip":{"type":"bool","description_kind":"plain","optional":true},"master_user_name":{"type":"string","description_kind":"plain","required":true},"master_user_password":{"type":"string","description_kind":"plain","required":true},"port":{"type":"number","description_kind":"plain","optional":true,"computed":true},"preferred_backup_time":{"type":"string","description_kind":"plain","optional":true},"project_id":{"type":"number","description_kind":"plain","optional":true},"region":{"type":"string","description_kind":"plain","optional":true,"computed":true},"security_group_id":{"type":"string","description":"proprietary security group id for krds","description_kind":"plain","optional":true},"sub_order_id":{"type":"string","description_kind":"plain","optional":true,"computed":true},"subnet_id":{"type":"string","description_kind":"plain","required":true},"vip":{"type":"string","description_kind":"plain","computed":true},"vpc_id":{"type":"string","description_kind":"plain","required":true}},"block_types":{"parameters":{"nesting_mode":"set","block":{"attributes":{"name":{"type":"string","description_kind":"plain","required":true},"value":{"type":"string","description_kind":"plain","required":true}},"description_kind":"plain"}},"timeouts":{"nesting_mode":"single","block":{"attributes":{"create":{"type":"string","description_kind":"plain","optional":true},"delete":{"type":"string","description_kind":"plain","optional":true},"update":{"type":"string","description_kind":"plain","optional":true}},"description_kind":"plain"}}},"description_kind":"plain"}},"ksyun_krds_rr":{"version":0,"block":{"attributes":{"availability_zone_1":{"type":"string","description_kind":"plain","optional":true},"bill_type":{"type":"string","description_kind":"plain","required":true},"db_instance_class":{"type":"string","description":"this value regex db.ram.d{1,3}|db.disk.d{1,5} , db.ram is rds random access memory size, db.disk is disk size","description_kind":"plain","required":true},"db_instance_identifier":{"type":"string","description":"instance identifier","description_kind":"plain","optional":true,"computed":true},"db_instance_name":{"type":"string","description_kind":"plain","required":true},"db_parameter_group_id":{"type":"string","description":"proprietary db parameter group id for mysql","description_kind":"plain","optional":true,"computed":true},"duration":{"type":"number","description":"duration unit is month","description_kind":"plain","optional":true},"id":{"type":"string","description_kind":"plain","optional":true,"computed":true},"instance_create_time":{"type":"string","description_kind":"plain","optional":true,"computed":true},"port":{"type":"number","description_kind":"plain","optional":true,"computed":true},"project_id":{"type":"number","description_kind":"plain","optional":true},"region":{"type":"string","description_kind":"plain","optional":true,"computed":true},"security_group_id":{"type":"string","description":"proprietary security group id for mysql","description_kind":"plain","optional":true},"source_db_instance_identifier":{"type":"string","description":"source instance identifier","description_kind":"plain","required":true},"sub_order_id":{"type":"string","description_kind":"plain","optional":true,"computed":true}},"block_types":{"parameters":{"nesting_mode":"set","block":{"attributes":{"name":{"type":"string","description_kind":"plain","required":true},"value":{"type":"string","description_kind":"plain","required":true}},"description_kind":"plain"}},"timeouts":{"nesting_mode":"single","block":{"attributes":{"create":{"type":"string","description_kind":"plain","optional":true},"delete":{"type":"string","description_kind":"plain","optional":true},"update":{"type":"string","description_kind":"plain","optional":true}},"description_kind":"plain"}}},"description_kind":"plain"}},"ksyun_krds_security_group":{"version":0,"block":{"attributes":{"created":{"type":"string","description_kind":"plain","optional":true,"computed":true},"id":{"type":"string","description_kind":"plain","optional":true,"computed":true},"security_group_description":{"type":"string","description_kind":"plain","optional":true},"security_group_id":{"type":"string","description_kind":"plain","optional":true,"computed":true},"security_group_name":{"type":"string","description_kind":"plain","optional":true}},"block_types":{"security_group_rule":{"nesting_mode":"set","block":{"attributes":{"created":{"type":"string","description_kind":"plain","optional":true,"computed":true},"security_group_rule_id":{"type":"string","description_kind":"plain","optional":true,"computed":true},"security_group_rule_name":{"type":"string","description_kind":"plain","required":true},"security_group_rule_protocol":{"type":"string","description_kind":"plain","required":true}},"description_kind":"plain"}},"timeouts":{"nesting_mode":"single","block":{"attributes":{"create":{"type":"string","description_kind":"plain","optional":true},"delete":{"type":"string","description_kind":"plain","optional":true},"update":{"type":"string","description_kind":"plain","optional":true}},"description_kind":"plain"}}},"description_kind":"plain"}},"ksyun_lb":{"version":0,"block":{"attributes":{"create_time":{"type":"string","description_kind":"plain","computed":true},"id":{"type":"string","description_kind":"plain","optional":true,"computed":true},"ip_version":{"type":"string","description_kind":"plain","optional":true,"computed":true},"is_waf":{"type":"bool","description_kind":"plain","computed":true},"load_balancer_id":{"type":"string","description_kind":"plain","computed":true},"load_balancer_name":{"type":"string","description_kind":"plain","optional":true,"computed":true},"load_balancer_state":{"type":"string","description_kind":"plain","optional":true,"computed":true},"private_ip_address":{"type":"string","description_kind":"plain","optional":true,"computed":true},"project_id":{"type":"number","description_kind":"plain","optional":true,"computed":true},"public_ip":{"type":"string","description_kind":"plain","computed":true},"state":{"type":"string","description_kind":"plain","computed":true},"subnet_id":{"type":"string","description_kind":"plain","optional":true,"computed":true},"type":{"type":"string","description_kind":"plain","optional":true,"computed":true},"vpc_id":{"type":"string","description_kind":"plain","required":true}},"description_kind":"plain"}},"ksyun_lb_acl":{"version":0,"block":{"attributes":{"create_time":{"type":"string","description_kind":"plain","computed":true},"id":{"type":"string","description_kind":"plain","optional":true,"computed":true},"load_balancer_acl_entry_set":{"type":["list",["object",{"cidr_block":"string","load_balancer_acl_entry_id":"string","load_balancer_acl_id":"string","protocol":"string","rule_action":"string","rule_number":"number"}]],"description_kind":"plain","computed":true},"load_balancer_acl_id":{"type":"string","description_kind":"plain","optional":true,"computed":true},"load_balancer_acl_name":{"type":"string","description_kind":"plain","optional":true}},"description_kind":"plain"}},"ksyun_lb_acl_entry":{"version":0,"block":{"attributes":{"cidr_block":{"type":"string","description_kind":"plain","required":true},"id":{"type":"string","description_kind":"plain","optional":true,"computed":true},"load_balancer_acl_entry_id":{"type":"string","description_kind":"plain","computed":true},"load_balancer_acl_id":{"type":"string","description_kind":"plain","required":true},"protocol":{"type":"string","description_kind":"plain","optional":true},"rule_action":{"type":"string","description_kind":"plain","optional":true},"rule_number":{"type":"number","description_kind":"plain","optional":true}},"description_kind":"plain"}},"ksyun_lb_backend_server_group":{"version":0,"block":{"attributes":{"backend_server_group_id":{"type":"string","description_kind":"plain","computed":true},"backend_server_group_name":{"type":"string","description_kind":"plain","required":true},"backend_server_group_type":{"type":"string","description_kind":"plain","optional":true,"computed":true},"backend_server_number":{"type":"number","description_kind":"plain","computed":true},"create_time":{"type":"string","description_kind":"plain","computed":true},"id":{"type":"string","description_kind":"plain","optional":true,"computed":true},"vpc_id":{"type":"string","description_kind":"plain","required":true}},"description_kind":"plain"}},"ksyun_lb_host_header":{"version":0,"block":{"attributes":{"certificate_id":{"type":"string","description_kind":"plain","optional":true,"computed":true},"create_time":{"type":"string","description_kind":"plain","computed":true},"host_header":{"type":"string","description_kind":"plain","required":true},"host_header_id":{"type":"string","description_kind":"plain","computed":true},"id":{"type":"string","description_kind":"plain","optional":true,"computed":true},"listener_id":{"type":"string","description_kind":"plain","required":true}},"description_kind":"plain"}},"ksyun_lb_listener":{"version":0,"block":{"attributes":{"band_width_in":{"type":"number","description_kind":"plain","optional":true,"computed":true},"band_width_out":{"type":"number","description_kind":"plain","optional":true,"computed":true},"certificate_id":{"type":"string","description_kind":"plain","optional":true},"create_time":{"type":"string","description_kind":"plain","computed":true},"enable_http2":{"type":"bool","description_kind":"plain","optional":true,"computed":true},"http_protocol":{"type":"string","description_kind":"plain","optional":true,"computed":true},"id":{"type":"string","description_kind":"plain","optional":true,"computed":true},"listener_id":{"type":"string","description_kind":"plain","computed":true},"listener_name":{"type":"string","description_kind":"plain","optional":true,"computed":true},"listener_port":{"type":"number","description_kind":"plain","required":true},"listener_protocol":{"type":"string","description_kind":"plain","optional":true},"listener_state":{"type":"string","description_kind":"plain","optional":true,"computed":true},"load_balancer_id":{"type":"string","description_kind":"plain","required":true},"method":{"type":"string","description_kind":"plain","required":true},"redirect_listener_id":{"type":"string","description_kind":"plain","optional":true,"computed":true},"tls_cipher_policy":{"type":"string","description_kind":"plain","optional":true,"computed":true}},"block_types":{"health_check":{"nesting_mode":"list","block":{"attributes":{"health_check_id":{"type":"string","description_kind":"plain","computed":true},"health_check_state":{"type":"string","description_kind":"plain","optional":true},"healthy_threshold":{"type":"number","description_kind":"plain","optional":true},"host_name":{"type":"string","description_kind":"plain","optional":true},"interval":{"type":"number","description_kind":"plain","optional":true},"listener_id":{"type":"string","description_kind":"plain","computed":true},"timeout":{"type":"number","description_kind":"plain","optional":true},"unhealthy_threshold":{"type":"number","description_kind":"plain","optional":true},"url_path":{"type":"string","description_kind":"plain","optional":true,"computed":true}},"description_kind":"plain"},"max_items":1},"session":{"nesting_mode":"list","block":{"attributes":{"cookie_name":{"type":"string","description_kind":"plain","optional":true,"computed":true},"cookie_type":{"type":"string","description_kind":"plain","optional":true,"computed":true},"session_persistence_period":{"type":"number","description_kind":"plain","optional":true,"computed":true},"session_state":{"type":"string","description_kind":"plain","optional":true}},"description_kind":"plain"},"min_items":1,"max_items":1}},"description_kind":"plain"}},"ksyun_lb_listener_associate_acl":{"version":0,"block":{"attributes":{"id":{"type":"string","description_kind":"plain","optional":true,"computed":true},"listener_id":{"type":"string","description_kind":"plain","required":true},"load_balancer_acl_id":{"type":"string","description_kind":"plain","required":true}},"description_kind":"plain"}},"ksyun_lb_listener_server":{"version":0,"block":{"attributes":{"id":{"type":"string","description_kind":"plain","optional":true,"computed":true},"instance_id":{"type":"string","description_kind":"plain","optional":true},"listener_id":{"type":"string","description_kind":"plain","required":true},"real_server_ip":{"type":"string","description_kind":"plain","required":true},"real_server_port":{"type":"number","description_kind":"plain","required":true},"real_server_state":{"type":"string","description_kind":"plain","computed":true},"real_server_type":{"type":"string","description_kind":"plain","required":true},"register_id":{"type":"string","description_kind":"plain","computed":true},"weight":{"type":"number","description_kind":"plain","optional":true}},"description_kind":"plain"}},"ksyun_lb_register_backend_server":{"version":0,"block":{"attributes":{"backend_server_group_id":{"type":"string","description_kind":"plain","required":true},"backend_server_ip":{"type":"string","description_kind":"plain","required":true},"backend_server_port":{"type":"string","description_kind":"plain","required":true},"create_time":{"type":"string","description_kind":"plain","computed":true},"id":{"type":"string","description_kind":"plain","optional":true,"computed":true},"instance_id":{"type":"string","description_kind":"plain","computed":true},"network_interface_id":{"type":"string","description_kind":"plain","computed":true},"real_server_ip":{"type":"number","description_kind":"plain","computed":true},"real_server_port":{"type":"string","description_kind":"plain","computed":true},"real_server_state":{"type":"string","description_kind":"plain","computed":true},"real_server_type":{"type":"string","description_kind":"plain","computed":true},"register_id":{"type":"string","description_kind":"plain","computed":true},"weight":{"type":"number","description_kind":"plain","optional":true,"computed":true}},"description_kind":"plain"}},"ksyun_lb_rule":{"version":0,"block":{"attributes":{"backend_server_group_id":{"type":"string","description_kind":"plain","required":true},"create_time":{"type":"string","description_kind":"plain","computed":true},"host_header_id":{"type":"string","description_kind":"plain","required":true},"id":{"type":"string","description_kind":"plain","optional":true,"computed":true},"listener_sync":{"type":"string","description_kind":"plain","required":true},"method":{"type":"string","description_kind":"plain","optional":true,"computed":true},"path":{"type":"string","description_kind":"plain","required":true},"rule_id":{"type":"string","description_kind":"plain","computed":true}},"block_types":{"health_check":{"nesting_mode":"list","block":{"attributes":{"health_check_id":{"type":"string","description_kind":"plain","computed":true},"health_check_state":{"type":"string","description_kind":"plain","optional":true,"computed":true},"healthy_threshold":{"type":"number","description_kind":"plain","optional":true,"computed":true},"host_name":{"type":"string","description_kind":"plain","optional":true,"computed":true},"interval":{"type":"number","description_kind":"plain","optional":true,"computed":true},"listener_id":{"type":"string","description_kind":"plain","optional":true,"computed":true},"timeout":{"type":"number","description_kind":"plain","optional":true,"computed":true},"unhealthy_threshold":{"type":"number","description_kind":"plain","optional":true,"computed":true},"url_path":{"type":"string","description_kind":"plain","optional":true,"computed":true}},"description_kind":"plain"},"max_items":1},"session":{"nesting_mode":"list","block":{"attributes":{"cookie_name":{"type":"string","description_kind":"plain","optional":true,"computed":true},"cookie_type":{"type":"string","description_kind":"plain","optional":true,"computed":true},"session_persistence_period":{"type":"number","description_kind":"plain","optional":true,"computed":true},"session_state":{"type":"string","description_kind":"plain","optional":true,"computed":true}},"description_kind":"plain"},"max_items":1}},"description_kind":"plain"}},"ksyun_mongodb_instance":{"version":0,"block":{"attributes":{"area":{"type":"string","description_kind":"plain","computed":true},"availability_zone":{"type":"string","description_kind":"plain","required":true},"config":{"type":"string","description_kind":"plain","computed":true},"create_date":{"type":"string","description_kind":"plain","computed":true},"db_version":{"type":"string","description_kind":"plain","optional":true},"duration":{"type":"string","description_kind":"plain","optional":true},"expiration_date":{"type":"string","description_kind":"plain","computed":true},"iam_project_id":{"type":"string","description_kind":"plain","optional":true,"computed":true},"iam_project_name":{"type":"string","description_kind":"plain","computed":true},"id":{"type":"string","description_kind":"plain","optional":true,"computed":true},"instance_account":{"type":"string","description_kind":"plain","required":true},"instance_class":{"type":"string","description_kind":"plain","required":true},"instance_id":{"type":"string","description_kind":"plain","computed":true},"instance_password":{"type":"string","description_kind":"plain","required":true},"instance_type":{"type":"string","description_kind":"plain","computed":true},"ip":{"type":"string","description_kind":"plain","computed":true},"mode":{"type":"string","description_kind":"plain","computed":true},"mongos_num":{"type":"number","description_kind":"plain","computed":true},"name":{"type":"string","description_kind":"plain","required":true},"network_type":{"type":"string","description_kind":"plain","computed":true},"node_num":{"type":"number","description_kind":"plain","optional":true},"nodes":{"type":["list",["object",{"ip":"string","name":"string","node_id":"string","port":"number","role":"string","status":"string"}]],"description_kind":"plain","computed":true},"pay_type":{"type":"string","description_kind":"plain","optional":true,"computed":true},"port":{"type":"number","description_kind":"plain","computed":true},"product_id":{"type":"string","description_kind":"plain","computed":true},"product_what":{"type":"number","description_kind":"plain","computed":true},"region":{"type":"string","description_kind":"plain","computed":true},"security_group_id":{"type":"string","description_kind":"plain","computed":true},"shard_num":{"type":"number","description_kind":"plain","computed":true},"status":{"type":"string","description_kind":"plain","computed":true},"storage":{"type":"number","description_kind":"plain","required":true},"time_cycle":{"type":"string","description_kind":"plain","computed":true},"timezone":{"type":"string","description_kind":"plain","computed":true},"timing_switch":{"type":"string","description_kind":"plain","computed":true},"user_id":{"type":"string","description_kind":"plain","computed":true},"version":{"type":"string","description_kind":"plain","computed":true},"vnet_id":{"type":"string","description_kind":"plain","required":true},"vpc_id":{"type":"string","description_kind":"plain","required":true}},"block_types":{"timeouts":{"nesting_mode":"single","block":{"attributes":{"create":{"type":"string","description_kind":"plain","optional":true},"delete":{"type":"string","description_kind":"plain","optional":true},"update":{"type":"string","description_kind":"plain","optional":true}},"description_kind":"plain"}}},"description_kind":"plain"}},"ksyun_mongodb_security_rule":{"version":0,"block":{"attributes":{"cidrs":{"type":"string","description_kind":"plain","required":true},"id":{"type":"string","description_kind":"plain","optional":true,"computed":true},"instance_id":{"type":"string","description_kind":"plain","required":true},"rules":{"type":["list",["object",{"cidr":"string","from_port":"string","id":"string","protocol":"string","to_port":"string"}]],"description_kind":"plain","computed":true}},"description_kind":"plain"}},"ksyun_mongodb_shard_instance":{"version":0,"block":{"attributes":{"area":{"type":"string","description_kind":"plain","computed":true},"availability_zone":{"type":"string","description_kind":"plain","required":true},"config":{"type":"string","description_kind":"plain","computed":true},"create_date":{"type":"string","description_kind":"plain","computed":true},"db_version":{"type":"string","description_kind":"plain","optional":true},"duration":{"type":"string","description_kind":"plain","optional":true},"expiration_date":{"type":"string","description_kind":"plain","computed":true},"iam_project_id":{"type":"string","description_kind":"plain","optional":true,"computed":true},"iam_project_name":{"type":"string","description_kind":"plain","computed":true},"id":{"type":"string","description_kind":"plain","optional":true,"computed":true},"instance_account":{"type":"string","description_kind":"plain","required":true},"instance_class":{"type":"string","description_kind":"plain","computed":true},"instance_id":{"type":"string","description_kind":"plain","computed":true},"instance_password":{"type":"string","description_kind":"plain","required":true},"instance_type":{"type":"string","description_kind":"plain","computed":true},"ip":{"type":"string","description_kind":"plain","computed":true},"mode":{"type":"string","description_kind":"plain","computed":true},"mongos_class":{"type":"string","description_kind":"plain","required":true},"mongos_nodes":{"type":["list",["object",{"connections":"number","endpoint":"string","instance_class":"string","name":"string","node_id":"string","role":"string","status":"string"}]],"description_kind":"plain","computed":true},"mongos_num":{"type":"number","description_kind":"plain","required":true},"name":{"type":"string","description_kind":"plain","required":true},"network_type":{"type":"string","description_kind":"plain","computed":true},"node_num":{"type":"number","description_kind":"plain","computed":true},"pay_type":{"type":"string","description_kind":"plain","optional":true,"computed":true},"port":{"type":"number","description_kind":"plain","computed":true},"product_id":{"type":"string","description_kind":"plain","computed":true},"product_what":{"type":"number","description_kind":"plain","computed":true},"region":{"type":"string","description_kind":"plain","computed":true},"security_group_id":{"type":"string","description_kind":"plain","computed":true},"shard_class":{"type":"string","description_kind":"plain","required":true},"shard_nodes":{"type":["list",["object",{"disk":"number","instance_class":"string","iops":"number","name":"string","node_id":"string","status":"string"}]],"description_kind":"plain","computed":true},"shard_num":{"type":"number","description_kind":"plain","required":true},"status":{"type":"string","description_kind":"plain","computed":true},"storage":{"type":"number","description_kind":"plain","required":true},"time_cycle":{"type":"string","description_kind":"plain","computed":true},"timezone":{"type":"string","description_kind":"plain","computed":true},"timing_switch":{"type":"string","description_kind":"plain","computed":true},"total_storage":{"type":"number","description_kind":"plain","computed":true},"user_id":{"type":"string","description_kind":"plain","computed":true},"version":{"type":"string","description_kind":"plain","computed":true},"vnet_id":{"type":"string","description_kind":"plain","required":true},"vpc_id":{"type":"string","description_kind":"plain","required":true}},"block_types":{"timeouts":{"nesting_mode":"single","block":{"attributes":{"create":{"type":"string","description_kind":"plain","optional":true},"delete":{"type":"string","description_kind":"plain","optional":true},"update":{"type":"string","description_kind":"plain","optional":true}},"description_kind":"plain"}}},"description_kind":"plain"}},"ksyun_nat":{"version":0,"block":{"attributes":{"band_width":{"type":"number","description_kind":"plain","required":true},"charge_type":{"type":"string","description_kind":"plain","optional":true},"create_time":{"type":"string","description_kind":"plain","computed":true},"id":{"type":"string","description_kind":"plain","optional":true,"computed":true},"nat_ip_number":{"type":"number","description_kind":"plain","optional":true},"nat_ip_set":{"type":["list",["object",{"nat_ip":"string","nat_ip_id":"string"}]],"description_kind":"plain","computed":true},"nat_mode":{"type":"string","description_kind":"plain","required":true},"nat_name":{"type":"string","description_kind":"plain","optional":true,"computed":true},"nat_type":{"type":"string","description_kind":"plain","required":true},"project_id":{"type":"string","description_kind":"plain","optional":true,"computed":true},"purchase_time":{"type":"number","description_kind":"plain","optional":true},"vpc_id":{"type":"string","description_kind":"plain","required":true}},"description_kind":"plain"}},"ksyun_nat_associate":{"version":0,"block":{"attributes":{"band_width":{"type":"number","description_kind":"plain","computed":true},"create_time":{"type":"string","description_kind":"plain","computed":true},"id":{"type":"string","description_kind":"plain","optional":true,"computed":true},"nat_id":{"type":"string","description_kind":"plain","required":true},"nat_ip_number":{"type":"number","description_kind":"plain","computed":true},"nat_ip_set":{"type":["list",["object",{"nat_ip":"string","nat_ip_id":"string"}]],"description_kind":"plain","computed":true},"nat_mode":{"type":"string","description_kind":"plain","computed":true},"nat_name":{"type":"string","description_kind":"plain","computed":true},"nat_type":{"type":"string","description_kind":"plain","computed":true},"project_id":{"type":"string","description_kind":"plain","optional":true,"computed":true},"subnet_id":{"type":"string","description_kind":"plain","required":true},"vpc_id":{"type":"string","description_kind":"plain","computed":true}},"block_types":{"associate_nat_set":{"nesting_mode":"list","block":{"attributes":{"subnet_id":{"type":"string","description_kind":"plain","computed":true}},"description_kind":"plain"}}},"description_kind":"plain"}},"ksyun_rabbitmq_instance":{"version":0,"block":{"attributes":{"availability_zone":{"type":"string","description_kind":"plain","optional":true},"bill_type":{"type":"number","description_kind":"plain","required":true},"create_date":{"type":"string","description_kind":"plain","optional":true},"duration":{"type":"number","description_kind":"plain","optional":true},"eip":{"type":"string","description_kind":"plain","optional":true},"eip_egress":{"type":"string","description_kind":"plain","optional":true},"enable_plugins":{"type":"string","description_kind":"plain","optional":true},"engine":{"type":"string","description_kind":"plain","computed":true},"engine_version":{"type":"string","description_kind":"plain","required":true},"expiration_date":{"type":"string","description_kind":"plain","optional":true},"id":{"type":"string","description_kind":"plain","optional":true,"computed":true},"instance_id":{"type":"string","description_kind":"plain","computed":true},"instance_name":{"type":"string","description_kind":"plain","required":true},"instance_password":{"type":"string","description_kind":"plain","required":true},"instance_type":{"type":"string","description_kind":"plain","required":true},"mode":{"type":"string","description_kind":"plain","required":true},"mode_name":{"type":"string","description_kind":"plain","optional":true},"network_type":{"type":"string","description_kind":"plain","optional":true},"node_num":{"type":"number","description_kind":"plain","optional":true},"port":{"type":"string","description_kind":"plain","optional":true},"product_id":{"type":"string","description_kind":"plain","optional":true},"product_what":{"type":"number","description_kind":"plain","optional":true},"project_id":{"type":"string","description_kind":"plain","optional":true},"project_name":{"type":"string","description_kind":"plain","optional":true},"protocol":{"type":"string","description_kind":"plain","optional":true},"region":{"type":"string","description_kind":"plain","optional":true},"security_group_id":{"type":"number","description_kind":"plain","optional":true},"ssd_disk":{"type":"number","description_kind":"plain","required":true},"status":{"type":"string","description_kind":"plain","optional":true},"status_name":{"type":"string","description_kind":"plain","optional":true},"subnet_id":{"type":"string","description_kind":"plain","required":true},"user_id":{"type":"string","description_kind":"plain","optional":true},"vip":{"type":"string","description_kind":"plain","optional":true},"vpc_id":{"type":"string","description_kind":"plain","required":true},"web_eip":{"type":"string","description_kind":"plain","optional":true},"web_vip":{"type":"string","description_kind":"plain","optional":true}},"block_types":{"timeouts":{"nesting_mode":"single","block":{"attributes":{"create":{"type":"string","description_kind":"plain","optional":true},"delete":{"type":"string","description_kind":"plain","optional":true},"update":{"type":"string","description_kind":"plain","optional":true}},"description_kind":"plain"}}},"description_kind":"plain"}},"ksyun_rabbitmq_security_rule":{"version":0,"block":{"attributes":{"cidrs":{"type":"string","description_kind":"plain","required":true},"id":{"type":"string","description_kind":"plain","optional":true,"computed":true},"instance_id":{"type":"string","description_kind":"plain","required":true},"rules":{"type":["list",["object",{"cidr":"string","from_port":"string","id":"string","protocol":"string","to_port":"string"}]],"description_kind":"plain","computed":true}},"block_types":{"timeouts":{"nesting_mode":"single","block":{"attributes":{"create":{"type":"string","description_kind":"plain","optional":true},"delete":{"type":"string","description_kind":"plain","optional":true},"update":{"type":"string","description_kind":"plain","optional":true}},"description_kind":"plain"}}},"description_kind":"plain"}},"ksyun_redis_instance":{"version":0,"block":{"attributes":{"available_zone":{"type":"string","description_kind":"plain","required":true},"az":{"type":"string","description_kind":"plain","computed":true},"bill_type":{"type":"number","description_kind":"plain","optional":true,"computed":true},"cache_id":{"type":"string","description_kind":"plain","computed":true},"capacity":{"type":"number","description_kind":"plain","required":true},"create_time":{"type":"string","description_kind":"plain","computed":true},"duration":{"type":"string","description_kind":"plain","optional":true},"duration_unit":{"type":"string","description_kind":"plain","optional":true},"engine":{"type":"string","description_kind":"plain","computed":true},"iam_project_id":{"type":"string","description_kind":"plain","optional":true,"computed":true},"iam_project_name":{"type":"string","description_kind":"plain","computed":true},"id":{"type":"string","description_kind":"plain","optional":true,"computed":true},"mode":{"type":"number","description_kind":"plain","optional":true,"computed":true},"name":{"type":"string","description_kind":"plain","required":true},"net_type":{"type":"number","description_kind":"plain","required":true},"order_type":{"type":"number","description_kind":"plain","computed":true},"order_use":{"type":"number","description_kind":"plain","computed":true},"parameters":{"type":["map","string"],"description_kind":"plain","optional":true},"pass_word":{"type":"string","description_kind":"plain","optional":true},"port":{"type":"number","description_kind":"plain","computed":true},"product_id":{"type":"string","description_kind":"plain","computed":true},"protocol":{"type":"string","description_kind":"plain","required":true},"reset_all_parameters":{"type":"bool","description_kind":"plain","required":true},"security_group_id":{"type":"string","description_kind":"plain","required":true},"service_begin_time":{"type":"string","description_kind":"plain","computed":true},"service_end_time":{"type":"string","description_kind":"plain","computed":true},"service_status":{"type":"number","description_kind":"plain","computed":true},"size":{"type":"number","description_kind":"plain","computed":true},"slave_num":{"type":"number","description_kind":"plain","required":true},"slave_vip":{"type":"string","description_kind":"plain","computed":true},"source":{"type":"number","description_kind":"plain","computed":true},"status":{"type":"number","description_kind":"plain","computed":true},"sub_order_id":{"type":"string","description_kind":"plain","computed":true},"timezone":{"type":"string","description_kind":"plain","computed":true},"timing_switch":{"type":"string","description_kind":"plain","computed":true},"used_memory":{"type":"number","description_kind":"plain","computed":true},"vip":{"type":"string","description_kind":"plain","computed":true},"vnet_id":{"type":"string","description_kind":"plain","required":true},"vpc_id":{"type":"string","description_kind":"plain","required":true}},"block_types":{"timeouts":{"nesting_mode":"single","block":{"attributes":{"create":{"type":"string","description_kind":"plain","optional":true},"delete":{"type":"string","description_kind":"plain","optional":true},"update":{"type":"string","description_kind":"plain","optional":true}},"description_kind":"plain"}}},"description_kind":"plain"}},"ksyun_redis_instance_node":{"version":0,"block":{"attributes":{"available_zone":{"type":"string","description_kind":"plain","optional":true},"cache_id":{"type":"string","description_kind":"plain","required":true},"create_time":{"type":"string","description_kind":"plain","computed":true},"id":{"type":"string","description_kind":"plain","optional":true,"computed":true},"instance_id":{"type":"string","description_kind":"plain","computed":true},"ip":{"type":"string","description_kind":"plain","computed":true},"name":{"type":"string","description_kind":"plain","computed":true},"port":{"type":"string","description_kind":"plain","computed":true},"pre_node_id":{"type":"string","description_kind":"plain","optional":true},"proxy":{"type":"string","description_kind":"plain","computed":true},"status":{"type":"string","description_kind":"plain","computed":true}},"block_types":{"timeouts":{"nesting_mode":"single","block":{"attributes":{"create":{"type":"string","description_kind":"plain","optional":true},"delete":{"type":"string","description_kind":"plain","optional":true}},"description_kind":"plain"}}},"description_kind":"plain"}},"ksyun_redis_sec_group":{"version":0,"block":{"attributes":{"available_zone":{"type":"string","description_kind":"plain","optional":true},"description":{"type":"string","description_kind":"plain","required":true},"id":{"type":"string","description_kind":"plain","optional":true,"computed":true},"name":{"type":"string","description_kind":"plain","required":true}},"description_kind":"plain"}},"ksyun_redis_sec_group_allocate":{"version":0,"block":{"attributes":{"available_zone":{"type":"string","description_kind":"plain","optional":true},"cache_ids":{"type":["set","string"],"description_kind":"plain","required":true},"id":{"type":"string","description_kind":"plain","optional":true,"computed":true},"security_group_id":{"type":"string","description_kind":"plain","required":true}},"description_kind":"plain"}},"ksyun_redis_sec_group_rule":{"version":0,"block":{"attributes":{"available_zone":{"type":"string","description_kind":"plain","optional":true},"id":{"type":"string","description_kind":"plain","optional":true,"computed":true},"rules":{"type":["set","string"],"description_kind":"plain","required":true},"security_group_id":{"type":"string","description_kind":"plain","required":true}},"description_kind":"plain"}},"ksyun_route":{"version":0,"block":{"attributes":{"create_time":{"type":"string","description_kind":"plain","computed":true},"destination_cidr_block":{"type":"string","description_kind":"plain","required":true},"direct_connect_gateway_id":{"type":"string","description_kind":"plain","optional":true},"id":{"type":"string","description_kind":"plain","optional":true,"computed":true},"instance_id":{"type":"string","description_kind":"plain","optional":true},"next_hop_set":{"type":["list",["object",{"gateway_id":"string","gateway_name":"string"}]],"description_kind":"plain","computed":true},"route_type":{"type":"string","description_kind":"plain","required":true},"tunnel_id":{"type":"string","description_kind":"plain","optional":true},"vpc_id":{"type":"string","description_kind":"plain","required":true},"vpc_peering_connection_id":{"type":"string","description_kind":"plain","optional":true},"vpn_tunnel_id":{"type":"string","description_kind":"plain","optional":true}},"description_kind":"plain"}},"ksyun_security_group":{"version":0,"block":{"attributes":{"create_time":{"type":"string","description_kind":"plain","computed":true},"id":{"type":"string","description_kind":"plain","optional":true,"computed":true},"security_group_entry_set":{"type":["list",["object",{"cidr_block":"string","description":"string","direction":"string","icmp_code":"number","icmp_type":"number","port_range_from":"number","port_range_to":"number","protocol":"string","security_group_entry_id":"string"}]],"description_kind":"plain","computed":true},"security_group_id":{"type":"string","description_kind":"plain","computed":true},"security_group_name":{"type":"string","description_kind":"plain","optional":true},"security_group_type":{"type":"string","description_kind":"plain","computed":true},"vpc_id":{"type":"string","description_kind":"plain","required":true}},"description_kind":"plain"}},"ksyun_security_group_entry":{"version":0,"block":{"attributes":{"cidr_block":{"type":"string","description_kind":"plain","required":true},"description":{"type":"string","description_kind":"plain","optional":true,"computed":true},"direction":{"type":"string","description_kind":"plain","required":true},"icmp_code":{"type":"number","description_kind":"plain","optional":true},"icmp_type":{"type":"number","description_kind":"plain","optional":true},"id":{"type":"string","description_kind":"plain","optional":true,"computed":true},"port_range_from":{"type":"number","description_kind":"plain","optional":true,"computed":true},"port_range_to":{"type":"number","description_kind":"plain","optional":true,"computed":true},"protocol":{"type":"string","description_kind":"plain","required":true},"security_group_entry_id":{"type":"string","description_kind":"plain","computed":true},"security_group_id":{"type":"string","description_kind":"plain","required":true}},"description_kind":"plain"}},"ksyun_sqlserver":{"version":0,"block":{"attributes":{"availability_zone_1":{"type":"string","description_kind":"plain","optional":true},"availability_zone_2":{"type":"string","description_kind":"plain","optional":true},"bill_type":{"type":"string","description_kind":"plain","required":true},"db_instance_class":{"type":"string","description":"this value regex db.ram.d{1,3}|db.disk.d{1,5} , db.ram is rds random access memory size, db.disk is disk size","description_kind":"plain","required":true},"db_instance_identifier":{"type":"string","description":"source instance identifier","description_kind":"plain","optional":true,"computed":true},"db_instance_name":{"type":"string","description_kind":"plain","required":true},"db_instance_type":{"type":"string","description":"HRDS_SS","description_kind":"plain","required":true},"duration":{"type":"number","description_kind":"plain","optional":true},"engine":{"type":"string","description":"engine is db type, only support SQLServer","description_kind":"plain","required":true},"engine_version":{"type":"string","description":"db engine version only support 2008r2,2012,2016","description_kind":"plain","required":true},"id":{"type":"string","description_kind":"plain","optional":true,"computed":true},"instance_create_time":{"type":"string","description_kind":"plain","optional":true,"computed":true},"master_user_name":{"type":"string","description_kind":"plain","required":true},"master_user_password":{"type":"string","description_kind":"plain","required":true},"port":{"type":"number","description_kind":"plain","optional":true,"computed":true},"preferred_backup_time":{"type":"string","description_kind":"plain","optional":true},"project_id":{"type":"number","description_kind":"plain","optional":true},"region":{"type":"string","description_kind":"plain","optional":true,"computed":true},"security_group_id":{"type":"string","description":"proprietary security group id for krds","description_kind":"plain","optional":true},"sub_order_id":{"type":"string","description_kind":"plain","optional":true,"computed":true},"subnet_id":{"type":"string","description_kind":"plain","required":true},"vpc_id":{"type":"string","description_kind":"plain","required":true}},"block_types":{"timeouts":{"nesting_mode":"single","block":{"attributes":{"create":{"type":"string","description_kind":"plain","optional":true},"delete":{"type":"string","description_kind":"plain","optional":true},"update":{"type":"string","description_kind":"plain","optional":true}},"description_kind":"plain"}}},"description_kind":"plain"}},"ksyun_ssh_key":{"version":0,"block":{"attributes":{"create_time":{"type":"string","description_kind":"plain","computed":true},"id":{"type":"string","description_kind":"plain","optional":true,"computed":true},"key_id":{"type":"string","description_kind":"plain","computed":true},"key_name":{"type":"string","description_kind":"plain","optional":true},"private_key":{"type":"string","description_kind":"plain","computed":true},"public_key":{"type":"string","description_kind":"plain","optional":true,"computed":true}},"description_kind":"plain"}},"ksyun_subnet":{"version":0,"block":{"attributes":{"availability_zone":{"type":"string","description_kind":"plain","optional":true,"computed":true},"availability_zone_name":{"type":"string","description_kind":"plain","computed":true},"availble_i_p_number":{"type":"string","description_kind":"plain","computed":true},"cidr_block":{"type":"string","description_kind":"plain","required":true},"create_time":{"type":"string","description_kind":"plain","computed":true},"dhcp_ip_from":{"type":"string","description_kind":"plain","optional":true,"computed":true},"dhcp_ip_to":{"type":"string","description_kind":"plain","optional":true,"computed":true},"dns1":{"type":"string","description_kind":"plain","optional":true,"computed":true},"dns2":{"type":"string","description_kind":"plain","optional":true,"computed":true},"gateway_ip":{"type":"string","description_kind":"plain","optional":true,"computed":true},"id":{"type":"string","description_kind":"plain","optional":true,"computed":true},"nat_id":{"type":"string","description_kind":"plain","computed":true},"network_acl_id":{"type":"string","description_kind":"plain","computed":true},"subnet_id":{"type":"string","description_kind":"plain","computed":true},"subnet_name":{"type":"string","description_kind":"plain","optional":true,"computed":true},"subnet_type":{"type":"string","description_kind":"plain","required":true},"vpc_id":{"type":"string","description_kind":"plain","required":true}},"description_kind":"plain"}},"ksyun_volume":{"version":0,"block":{"attributes":{"availability_zone":{"type":"string","description_kind":"plain","required":true},"charge_type":{"type":"string","description_kind":"plain","required":true},"create_time":{"type":"string","description_kind":"plain","computed":true},"id":{"type":"string","description_kind":"plain","optional":true,"computed":true},"instance_id":{"type":"string","description_kind":"plain","computed":true},"project_id":{"type":"number","description_kind":"plain","optional":true},"size":{"type":"number","description_kind":"plain","required":true},"volume_category":{"type":"string","description_kind":"plain","computed":true},"volume_desc":{"type":"string","description_kind":"plain","optional":true},"volume_id":{"type":"string","description_kind":"plain","computed":true},"volume_name":{"type":"string","description_kind":"plain","optional":true},"volume_status":{"type":"string","description_kind":"plain","computed":true},"volume_type":{"type":"string","description_kind":"plain","required":true}},"block_types":{"timeouts":{"nesting_mode":"single","block":{"attributes":{"create":{"type":"string","description_kind":"plain","optional":true},"delete":{"type":"string","description_kind":"plain","optional":true},"update":{"type":"string","description_kind":"plain","optional":true}},"description_kind":"plain"}}},"description_kind":"plain"}},"ksyun_volume_attach":{"version":0,"block":{"attributes":{"availability_zone":{"type":"string","description_kind":"plain","computed":true},"create_time":{"type":"string","description_kind":"plain","computed":true},"id":{"type":"string","description_kind":"plain","optional":true,"computed":true},"instance_id":{"type":"string","description_kind":"plain","required":true},"project_id":{"type":"number","description_kind":"plain","computed":true},"size":{"type":"number","description_kind":"plain","computed":true},"volume_category":{"type":"string","description_kind":"plain","computed":true},"volume_desc":{"type":"string","description_kind":"plain","computed":true},"volume_id":{"type":"string","description_kind":"plain","required":true},"volume_name":{"type":"string","description_kind":"plain","computed":true},"volume_status":{"type":"string","description_kind":"plain","computed":true},"volume_type":{"type":"string","description_kind":"plain","computed":true}},"block_types":{"timeouts":{"nesting_mode":"single","block":{"attributes":{"create":{"type":"string","description_kind":"plain","optional":true}},"description_kind":"plain"}}},"description_kind":"plain"}},"ksyun_vpc":{"version":0,"block":{"attributes":{"cidr_block":{"type":"string","description_kind":"plain","optional":true},"create_time":{"type":"string","description_kind":"plain","computed":true},"id":{"type":"string","description_kind":"plain","optional":true,"computed":true},"is_default":{"type":"bool","description_kind":"plain","optional":true},"vpc_name":{"type":"string","description_kind":"plain","optional":true}},"description_kind":"plain"}}},"data_source_schemas":{"ksyun_availability_zones":{"version":0,"block":{"attributes":{"availability_zones":{"type":["list",["object",{"availability_zone_name":"string","availability_zone_state":"string"}]],"description_kind":"plain","computed":true},"id":{"type":"string","description_kind":"plain","optional":true,"computed":true},"ids":{"type":["set","string"],"description_kind":"plain","optional":true},"output_file":{"type":"string","description_kind":"plain","optional":true},"total_count":{"type":"number","description_kind":"plain","computed":true}},"description_kind":"plain"}},"ksyun_certificates":{"version":0,"block":{"attributes":{"certificates":{"type":["list",["object",{"certificate_id":"string","certificate_name":"string"}]],"description_kind":"plain","computed":true},"id":{"type":"string","description_kind":"plain","optional":true,"computed":true},"ids":{"type":["set","string"],"description_kind":"plain","optional":true},"name_regex":{"type":"string","description_kind":"plain","optional":true},"output_file":{"type":"string","description_kind":"plain","optional":true},"total_count":{"type":"number","description_kind":"plain","computed":true}},"description_kind":"plain"}},"ksyun_eips":{"version":0,"block":{"attributes":{"band_width_share_id":{"type":["set","string"],"description_kind":"plain","optional":true},"eips":{"type":["list",["object",{"allocation_id":"string","band_width":"number","band_width_share_id":"string","create_time":"string","instance_id":"string","instance_type":"string","internet_gateway_id":"string","ip_version":"string","is_band_width_share":"string","line_id":"string","network_interface_id":"string","project_id":"string","public_ip":"string","state":"string"}]],"description_kind":"plain","computed":true},"id":{"type":"string","description_kind":"plain","optional":true,"computed":true},"ids":{"type":["set","string"],"description_kind":"plain","optional":true},"instance_type":{"type":["set","string"],"description_kind":"plain","optional":true},"internet_gateway_id":{"type":["set","string"],"description_kind":"plain","optional":true},"ip_version":{"type":"string","description_kind":"plain","optional":true},"line_id":{"type":["set","string"],"description_kind":"plain","optional":true},"network_interface_id":{"type":["set","string"],"description_kind":"plain","optional":true},"output_file":{"type":"string","description_kind":"plain","optional":true},"project_id":{"type":["set","string"],"description_kind":"plain","optional":true},"public_ip":{"type":["set","string"],"description_kind":"plain","optional":true},"total_count":{"type":"number","description_kind":"plain","computed":true}},"description_kind":"plain"}},"ksyun_health_checks":{"version":0,"block":{"attributes":{"health_checks":{"type":["list",["object",{"health_check_id":"string","health_check_state":"string","healthy_threshold":"number","interval":"number","listener_id":"string","timeout":"number","unhealthy_threshold":"number"}]],"description_kind":"plain","computed":true},"id":{"type":"string","description_kind":"plain","optional":true,"computed":true},"ids":{"type":["set","string"],"description_kind":"plain","optional":true},"listener_id":{"type":["set","string"],"description_kind":"plain","optional":true},"output_file":{"type":"string","description_kind":"plain","optional":true},"total_count":{"type":"number","description_kind":"plain","computed":true}},"description_kind":"plain"}},"ksyun_images":{"version":0,"block":{"attributes":{"id":{"type":"string","description_kind":"plain","optional":true,"computed":true},"ids":{"type":["set","string"],"description_kind":"plain","optional":true},"image_source":{"type":"string","description_kind":"plain","optional":true},"images":{"type":["list",["object",{"cloud_init_support":"bool","creation_date":"string","image_id":"string","image_source":"string","image_state":"string","instance_id":"string","ipv6_support":"bool","is_cloud_market":"bool","is_modify_type":"bool","is_npe":"bool","is_public":"bool","name":"string","platform":"string","progress":"string","sys_disk":"number","user_category":"string"}]],"description_kind":"plain","computed":true},"is_public":{"type":"bool","description_kind":"plain","optional":true},"name_regex":{"type":"string","description_kind":"plain","optional":true},"output_file":{"type":"string","description_kind":"plain","optional":true},"platform":{"type":"string","description_kind":"plain","optional":true},"total_count":{"type":"number","description_kind":"plain","computed":true}},"description_kind":"plain"}},"ksyun_instances":{"version":0,"block":{"attributes":{"id":{"type":"string","description_kind":"plain","optional":true,"computed":true},"ids":{"type":["set","string"],"description_kind":"plain","optional":true},"instances":{"type":["list",["object",{"auto_scaling_type":"string","availability_zone":"string","availability_zone_name":"string","charge_type":"string","creation_date":"string","data_disks":["list",["object",{"delete_with_instance":"bool","disk_id":"string","disk_size":"number","disk_type":"string"}]],"image_id":"string","instance_configure":["list",["object",{"data_disk_gb":"number","data_disk_type":"string","g_p_u":"number","memory_gb":"number","root_disk_gb":"number","v_c_p_u":"number"}]],"instance_count":"number","instance_id":"string","instance_name":"string","instance_state":["list",["object",{"name":"string"}]],"instance_type":"string","is_show_sriov_net_support":"bool","key_id":["set","string"],"monitoring":["list",["object",{"state":"string"}]],"network_interface_set":["list",["object",{"d_n_s1":"string","d_n_s2":"string","group_set":["list",["object",{"group_id":"string"}]],"mac_address":"string","network_interface_id":"string","network_interface_type":"string","private_ip_address":"string","public_ip":"string","security_group_set":["list",["object",{"security_group_id":"string"}]],"subnet_id":"string"}]],"private_ip_address":"string","product_type":"number","product_what":"number","project_id":"number","sriov_net_support":"string","stopped_mode":"string","subnet_id":"string","system_disk":["list",["object",{"disk_size":"number","disk_type":"string"}]],"vpc_id":"string"}]],"description_kind":"plain","computed":true},"output_file":{"type":"string","description_kind":"plain","optional":true},"project_id":{"type":["set","string"],"description_kind":"plain","optional":true},"search":{"type":"string","description_kind":"plain","optional":true},"subnet_id":{"type":["set","string"],"description_kind":"plain","optional":true},"total_count":{"type":"number","description_kind":"plain","computed":true},"vpc_id":{"type":["set","string"],"description_kind":"plain","optional":true}},"block_types":{"availability_zone":{"nesting_mode":"list","block":{"attributes":{"name":{"type":["set","string"],"description_kind":"plain","optional":true}},"description_kind":"plain"}},"instance_state":{"nesting_mode":"list","block":{"attributes":{"name":{"type":["set","string"],"description_kind":"plain","optional":true}},"description_kind":"plain"},"max_items":1},"network_interface":{"nesting_mode":"list","block":{"attributes":{"group_id":{"type":["set","string"],"description_kind":"plain","optional":true},"network_interface_id":{"type":["set","string"],"description_kind":"plain","optional":true},"subnet_id":{"type":["set","string"],"description_kind":"plain","optional":true}},"description_kind":"plain"}}},"description_kind":"plain"}},"ksyun_krds":{"version":0,"block":{"attributes":{"db_instance_identifier":{"type":"string","description":"source instance identifier","description_kind":"plain","optional":true},"db_instance_status":{"type":"string","description":"ACTIVE（运行中）/INVALID（请续费）","description_kind":"plain","optional":true},"db_instance_type":{"type":"string","description":"HRDS（高可用）,RR（只读实例）,TRDS（临时实例）","description_kind":"plain","optional":true},"id":{"type":"string","description_kind":"plain","optional":true,"computed":true},"keyword":{"type":"string","description_kind":"plain","optional":true},"marker":{"type":"number","description_kind":"plain","optional":true},"max_records":{"type":"number","description_kind":"plain","optional":true},"order":{"type":"string","description_kind":"plain","optional":true},"output_file":{"type":"string","description_kind":"plain","optional":true},"project_id":{"type":"string","description_kind":"plain","optional":true},"total_count":{"type":"number","description_kind":"plain","computed":true}},"block_types":{"krds":{"nesting_mode":"list","block":{"attributes":{"audit":{"type":"bool","description_kind":"plain","optional":true},"availability_zone":{"type":"string","description_kind":"plain","optional":true,"computed":true},"bill_type":{"type":"string","description_kind":"plain","optional":true},"db_instance_identifier":{"type":"string","description_kind":"plain","computed":true},"db_instance_name":{"type":"string","description_kind":"plain","required":true},"db_instance_status":{"type":"string","description_kind":"plain","computed":true},"db_instance_type":{"type":"string","description_kind":"plain","required":true},"db_parameter_group_id":{"type":"string","description_kind":"plain","optional":true},"disk_used":{"type":"number","description_kind":"plain","computed":true},"eip":{"type":"string","description_kind":"plain","computed":true},"eip_port":{"type":"string","description_kind":"plain","computed":true},"engine":{"type":"string","description_kind":"plain","optional":true},"engine_version":{"type":"string","description_kind":"plain","optional":true},"group_id":{"type":"string","description_kind":"plain","computed":true},"instance_create_time":{"type":"string","description_kind":"plain","computed":true},"master_availability_zone":{"type":"string","description_kind":"plain","optional":true},"master_user_name":{"type":"string","description_kind":"plain","required":true},"multi_availability_zone":{"type":"bool","description_kind":"plain","optional":true},"port":{"type":"number","description_kind":"plain","optional":true},"preferred_backup_time":{"type":"string","description_kind":"plain","optional":true},"product_id":{"type":"string","description_kind":"plain","computed":true},"project_id":{"type":"number","description_kind":"plain","optional":true},"publicly_accessible":{"type":"bool","description_kind":"plain","optional":true},"region":{"type":"string","description_kind":"plain","computed":true},"security_group_id":{"type":"string","description_kind":"plain","optional":true},"service_end_time":{"type":"string","description_kind":"plain","computed":true},"service_start_time":{"type":"string","description_kind":"plain","computed":true},"slave_availability_zone":{"type":"string","description_kind":"plain","optional":true},"subnet_id":{"type":"string","description_kind":"plain","required":true},"vip":{"type":"string","description_kind":"plain","computed":true},"vpc_id":{"type":"string","description_kind":"plain","required":true}},"block_types":{"db_instance_class":{"nesting_mode":"set","block":{"attributes":{"disk":{"type":"number","description_kind":"plain","optional":true,"computed":true},"id":{"type":"string","description_kind":"plain","optional":true,"computed":true},"iops":{"type":"number","description_kind":"plain","optional":true,"computed":true},"max_conn":{"type":"number","description_kind":"plain","optional":true,"computed":true},"mem":{"type":"number","description_kind":"plain","optional":true,"computed":true},"ram":{"type":"number","description_kind":"plain","optional":true,"computed":true},"vcpus":{"type":"number","description_kind":"plain","optional":true,"computed":true}},"description_kind":"plain"},"max_items":1}},"description_kind":"plain"}},"timeouts":{"nesting_mode":"single","block":{"attributes":{"create":{"type":"string","description_kind":"plain","optional":true},"delete":{"type":"string","description_kind":"plain","optional":true},"read":{"type":"string","description_kind":"plain","optional":true},"update":{"type":"string","description_kind":"plain","optional":true}},"description_kind":"plain"}}},"description_kind":"plain"}},"ksyun_krds_security_groups":{"version":0,"block":{"attributes":{"id":{"type":"string","description_kind":"plain","optional":true,"computed":true},"output_file":{"type":"string","description_kind":"plain","required":true},"security_group_id":{"type":"number","description_kind":"plain","optional":true},"total_count":{"type":"number","description_kind":"plain","computed":true}},"block_types":{"security_groups":{"nesting_mode":"list","block":{"attributes":{"created":{"type":"string","description_kind":"plain","optional":true,"computed":true},"security_group_description":{"type":"string","description_kind":"plain","optional":true,"computed":true},"security_group_id":{"type":"string","description_kind":"plain","optional":true,"computed":true},"security_group_name":{"type":"string","description_kind":"plain","optional":true,"computed":true}},"block_types":{"instances":{"nesting_mode":"set","block":{"attributes":{"created":{"type":"string","description_kind":"plain","optional":true,"computed":true},"db_instance_identifier":{"type":"string","description_kind":"plain","optional":true,"computed":true},"db_instance_name":{"type":"string","description_kind":"plain","optional":true,"computed":true},"db_instance_type":{"type":"string","description_kind":"plain","optional":true,"computed":true},"vip":{"type":"string","description_kind":"plain","optional":true,"computed":true}},"description_kind":"plain"}},"security_group_rules":{"nesting_mode":"set","block":{"attributes":{"created":{"type":"string","description_kind":"plain","optional":true,"computed":true},"security_group_rule_id":{"type":"string","description_kind":"plain","optional":true,"computed":true},"security_group_rule_name":{"type":"string","description_kind":"plain","optional":true,"computed":true},"security_group_rule_protocol":{"type":"string","description_kind":"plain","optional":true,"computed":true}},"description_kind":"plain"}}},"description_kind":"plain"}},"timeouts":{"nesting_mode":"single","block":{"attributes":{"create":{"type":"string","description_kind":"plain","optional":true},"delete":{"type":"string","description_kind":"plain","optional":true},"read":{"type":"string","description_kind":"plain","optional":true},"update":{"type":"string","description_kind":"plain","optional":true}},"description_kind":"plain"}}},"description_kind":"plain"}},"ksyun_lb_acls":{"version":0,"block":{"attributes":{"id":{"type":"string","description_kind":"plain","optional":true,"computed":true},"ids":{"type":["set","string"],"description_kind":"plain","optional":true},"lb_acls":{"type":["list",["object",{"create_time":"string","load_balancer_acl_entry_set":["list",["object",{"cidr_block":"string","load_balancer_acl_entry_id":"string","load_balancer_acl_id":"string","protocol":"string","rule_action":"string","rule_number":"number"}]],"load_balancer_acl_id":"string","load_balancer_acl_name":"string"}]],"description_kind":"plain","computed":true},"output_file":{"type":"string","description_kind":"plain","optional":true},"total_count":{"type":"number","description_kind":"plain","computed":true}},"description_kind":"plain"}},"ksyun_lb_backend_server_groups":{"version":0,"block":{"attributes":{"backend_server_groups":{"type":["list",["object",{"backend_server_group_id":"string","backend_server_group_name":"string","backend_server_group_type":"string","backend_server_number":"number","create_time":"string","health_check":["list",["object",{"health_check_id":"string","health_check_state":"string","healthy_threshold":"number","host_name":"string","interval":"number","listener_id":"string","timeout":"number","unhealthy_threshold":"number","url_path":"string"}]],"vpc_id":"string"}]],"description_kind":"plain","computed":true},"id":{"type":"string","description_kind":"plain","optional":true,"computed":true},"ids":{"type":["set","string"],"description_kind":"plain","optional":true},"output_file":{"type":"string","description_kind":"plain","optional":true},"total_count":{"type":"number","description_kind":"plain","computed":true}},"description_kind":"plain"}},"ksyun_lb_host_headers":{"version":0,"block":{"attributes":{"host_headers":{"type":["list",["object",{"certificate_id":"string","create_time":"string","host_header":"string","host_header_id":"string","listener_id":"string"}]],"description_kind":"plain","computed":true},"id":{"type":"string","description_kind":"plain","optional":true,"computed":true},"ids":{"type":["set","string"],"description_kind":"plain","optional":true},"listener_id":{"type":["list","string"],"description_kind":"plain","optional":true},"output_file":{"type":"string","description_kind":"plain","optional":true},"total_count":{"type":"number","description_kind":"plain","computed":true}},"description_kind":"plain"}},"ksyun_lb_listener_servers":{"version":0,"block":{"attributes":{"id":{"type":"string","description_kind":"plain","optional":true,"computed":true},"ids":{"type":["set","string"],"description_kind":"plain","optional":true},"listener_id":{"type":["set","string"],"description_kind":"plain","optional":true},"output_file":{"type":"string","description_kind":"plain","optional":true},"real_server_ip":{"type":["set","string"],"description_kind":"plain","optional":true},"servers":{"type":["list",["object",{"instance_id":"string","real_server_ip":"string","real_server_port":"number","real_server_state":"string","real_server_type":"string","register_id":"string","weight":"number"}]],"description_kind":"plain","computed":true},"total_count":{"type":"number","description_kind":"plain","computed":true}},"description_kind":"plain"}},"ksyun_lb_register_backend_servers":{"version":0,"block":{"attributes":{"backend_server_group_id":{"type":["set","string"],"description_kind":"plain","optional":true},"id":{"type":"string","description_kind":"plain","optional":true,"computed":true},"ids":{"type":["set","string"],"description_kind":"plain","optional":true},"output_file":{"type":"string","description_kind":"plain","optional":true},"register_backend_servers":{"type":["list",["object",{"backend_server_group_id":"string","backend_server_ip":"string","create_time":"string","instance_id":"string","network_interface_id":"string","real_server_ip":"number","real_server_port":"string","real_server_state":"string","real_server_type":"string","register_id":"string","weight":"number"}]],"description_kind":"plain","computed":true},"total_count":{"type":"number","description_kind":"plain","computed":true}},"description_kind":"plain"}},"ksyun_lb_rules":{"version":0,"block":{"attributes":{"host_header_id":{"type":["set","string"],"description_kind":"plain","optional":true},"id":{"type":"string","description_kind":"plain","optional":true,"computed":true},"ids":{"type":["set","string"],"description_kind":"plain","optional":true},"lb_rules":{"type":["list",["object",{"backend_server_group_id":"string","create_time":"string","health_check":["list",["object",{"health_check_id":"string","health_check_state":"string","healthy_threshold":"number","host_name":"string","interval":"number","listener_id":"string","timeout":"number","unhealthy_threshold":"number","url_path":"string"}]],"host_header_id":"string","listener_sync":"string","method":"string","path":"string","rule_id":"string","session":["list",["object",{"cookie_name":"string","cookie_type":"string","session_persistence_period":"number","session_state":"string"}]]}]],"description_kind":"plain","computed":true},"output_file":{"type":"string","description_kind":"plain","optional":true},"total_count":{"type":"number","description_kind":"plain","computed":true}},"description_kind":"plain"}},"ksyun_lbs":{"version":0,"block":{"attributes":{"id":{"type":"string","description_kind":"plain","optional":true,"computed":true},"ids":{"type":["set","string"],"description_kind":"plain","optional":true},"lbs":{"type":["list",["object",{"create_time":"string","load_balancer_id":"string","load_balancer_name":"string","load_balancer_state":"string","public_ip":"string","state":"string","subnet_id":"string","type":"string","vpc_id":"string"}]],"description_kind":"plain","computed":true},"name_regex":{"type":"string","description_kind":"plain","optional":true},"output_file":{"type":"string","description_kind":"plain","optional":true},"state":{"type":"string","description_kind":"plain","optional":true},"total_count":{"type":"number","description_kind":"plain","computed":true},"vpc_id":{"type":["set","string"],"description_kind":"plain","optional":true}},"description_kind":"plain"}},"ksyun_lines":{"version":0,"block":{"attributes":{"id":{"type":"string","description_kind":"plain","optional":true,"computed":true},"ids":{"type":["set","string"],"description_kind":"plain","optional":true},"line_name":{"type":"string","description_kind":"plain","optional":true},"lines":{"type":["list",["object",{"line_id":"string","line_name":"string","line_type":"string"}]],"description_kind":"plain","computed":true},"output_file":{"type":"string","description_kind":"plain","optional":true},"total_count":{"type":"number","description_kind":"plain","computed":true}},"description_kind":"plain"}},"ksyun_listener_servers":{"version":0,"block":{"attributes":{"id":{"type":"string","description_kind":"plain","optional":true,"computed":true},"ids":{"type":["set","string"],"description_kind":"plain","optional":true},"listener_id":{"type":["set","string"],"description_kind":"plain","optional":true},"output_file":{"type":"string","description_kind":"plain","optional":true},"real_server_ip":{"type":["set","string"],"description_kind":"plain","optional":true},"servers":{"type":["list",["object",{"instance_id":"string","real_server_ip":"string","real_server_port":"number","real_server_state":"string","real_server_type":"string","register_id":"string","weight":"number"}]],"description_kind":"plain","computed":true},"total_count":{"type":"number","description_kind":"plain","computed":true}},"description_kind":"plain"}},"ksyun_listeners":{"version":0,"block":{"attributes":{"id":{"type":"string","description_kind":"plain","optional":true,"computed":true},"ids":{"type":["set","string"],"description_kind":"plain","optional":true},"listeners":{"type":["list",["object",{"band_width_in":"number","band_width_out":"number","certificate_id":"string","create_time":"string","enable_http2":"bool","health_check":["list",["object",{"health_check_id":"string","health_check_state":"string","healthy_threshold":"number","host_name":"string","interval":"number","listener_id":"string","timeout":"number","unhealthy_threshold":"number","url_path":"string"}]],"http_protocol":"string","listener_id":"string","listener_name":"string","listener_port":"number","listener_protocol":"string","listener_state":"string","load_balancer_id":"string","method":"string","real_server":["list",["object",{"instance_id":"string","listener_id":"string","real_server_ip":"string","real_server_port":"number","real_server_state":"string","real_server_type":"string","register_id":"string","weight":"number"}]],"session":["list",["object",{"cookie_name":"string","cookie_type":"string","session_persistence_period":"number","session_state":"string"}]],"tls_cipher_policy":"string"}]],"description_kind":"plain","computed":true},"load_balancer_id":{"type":["list","string"],"description_kind":"plain","optional":true},"output_file":{"type":"string","description_kind":"plain","optional":true},"total_count":{"type":"number","description_kind":"plain","computed":true}},"description_kind":"plain"}},"ksyun_mongodbs":{"version":0,"block":{"attributes":{"iam_project_id":{"type":"string","description_kind":"plain","optional":true},"id":{"type":"string","description_kind":"plain","optional":true,"computed":true},"instance_id":{"type":"string","description_kind":"plain","optional":true},"instances":{"type":["list",["object",{"area":"string","config":"string","create_date":"string","expiration_date":"string","iam_project_id":"string","iam_project_name":"string","instance_class":"string","instance_id":"string","instance_type":"string","ip":"string","mode":"string","mongos_num":"number","name":"string","network_type":"string","node_num":"number","pay_type":"string","port":"number","product_id":"string","product_what":"number","region":"string","security_group_id":"string","shard_num":"number","status":"string","storage":"number","time_cycle":"string","timezone":"string","timing_switch":"string","user_id":"string","version":"string","vnet_id":"string","vpc_id":"string"}]],"description_kind":"plain","computed":true},"name":{"type":"string","description_kind":"plain","optional":true},"output_file":{"type":"string","description_kind":"plain","optional":true},"total_count":{"type":"number","description_kind":"plain","computed":true},"vip":{"type":"string","description_kind":"plain","optional":true},"vnet_id":{"type":"string","description_kind":"plain","optional":true},"vpc_id":{"type":"string","description_kind":"plain","optional":true}},"description_kind":"plain"}},"ksyun_nats":{"version":0,"block":{"attributes":{"id":{"type":"string","description_kind":"plain","optional":true,"computed":true},"ids":{"type":["set","string"],"description_kind":"plain","optional":true},"name_regex":{"type":"string","description_kind":"plain","optional":true},"nats":{"type":["list",["object",{"associate_nat_set":["list",["object",{"subnet_id":"string"}]],"band_width":"number","create_time":"string","id":"string","nat_ip_number":"number","nat_ip_set":["list",["object",{"nat_ip":"string","nat_ip_id":"string"}]],"nat_mode":"string","nat_name":"string","nat_type":"string","vpc_id":"string"}]],"description_kind":"plain","computed":true},"output_file":{"type":"string","description_kind":"plain","optional":true},"project_ids":{"type":["set","string"],"description_kind":"plain","optional":true},"total_count":{"type":"number","description_kind":"plain","computed":true},"vpc_ids":{"type":["set","string"],"description_kind":"plain","optional":true}},"description_kind":"plain"}},"ksyun_network_interfaces":{"version":0,"block":{"attributes":{"id":{"type":"string","description_kind":"plain","optional":true,"computed":true},"ids":{"type":["set","string"],"description_kind":"plain","optional":true},"instance_id":{"type":["set","string"],"description_kind":"plain","optional":true},"instance_type":{"type":["set","string"],"description_kind":"plain","optional":true},"network_interfaces":{"type":["list",["object",{"d_n_s1":"string","d_n_s2":"string","instance_id":"string","instance_type":"string","mac_address":"string","network_interface_id":"string","network_interface_type":"string","private_ip_address":"string","security_group_set":["list",["object",{"security_group_id":"string","security_group_name":"string"}]]}]],"description_kind":"plain","computed":true},"output_file":{"type":"string","description_kind":"plain","optional":true},"private_ip_address":{"type":["set","string"],"description_kind":"plain","optional":true},"securitygroup_id":{"type":["set","string"],"description_kind":"plain","optional":true},"subnet_id":{"type":["set","string"],"description_kind":"plain","optional":true},"total_count":{"type":"number","description_kind":"plain","computed":true},"vpc_id":{"type":["set","string"],"description_kind":"plain","optional":true}},"description_kind":"plain"}},"ksyun_rabbitmqs":{"version":0,"block":{"attributes":{"id":{"type":"string","description_kind":"plain","optional":true,"computed":true},"instance_id":{"type":"string","description_kind":"plain","optional":true},"instance_name":{"type":"string","description_kind":"plain","optional":true},"instances":{"type":["list",["object",{"availability_zone":"string","bill_type":"number","create_date":"string","duration":"number","eip":"string","eip_egress":"string","engine":"string","engine_version":"string","expiration_date":"string","instance_id":"string","instance_name":"string","instance_password":"string","instance_type":"string","mode":"string","mode_name":"string","network_type":"string","node_num":"number","port":"string","product_id":"string","product_what":"number","project_id":"string","project_name":"string","protocol":"string","region":"string","security_group_id":"number","ssd_disk":"number","status":"string","status_name":"string","subnet_id":"string","user_id":"string","vip":"string","vpc_id":"string","web_eip":"string","web_vip":"string"}]],"description_kind":"plain","computed":true},"name":{"type":"string","description_kind":"plain","optional":true},"output_file":{"type":"string","description_kind":"plain","optional":true},"project_id":{"type":"string","description_kind":"plain","optional":true},"subnet_id":{"type":"string","description_kind":"plain","optional":true},"total_count":{"type":"number","description_kind":"plain","optional":true},"vip":{"type":"string","description_kind":"plain","optional":true},"vpc_id":{"type":"string","description_kind":"plain","optional":true}},"description_kind":"plain"}},"ksyun_redis_instances":{"version":0,"block":{"attributes":{"cache_id":{"type":"string","description_kind":"plain","optional":true},"fuzzy_search":{"type":"string","description_kind":"plain","optional":true},"iam_project_id":{"type":"string","description_kind":"plain","optional":true},"id":{"type":"string","description_kind":"plain","optional":true,"computed":true},"instances":{"type":["list",["object",{"az":"string","bill_type":"number","cache_id":"string","create_time":"string","engine":"string","iam_project_id":"string","iam_project_name":"string","mode":"number","name":"string","net_type":"number","order_type":"number","parameters":["map","string"],"port":"number","protocol":"string","readonly_node":["list",["object",{"create_time":"string","instance_id":"string","ip":"string","name":"string","port":"string","proxy":"string","status":"string"}]],"region":"string","service_begin_time":"string","service_end_time":"string","service_status":"number","size":"number","source":"number","status":"number","vip":"string","vnet_id":"string","vpc_id":"string"}]],"description_kind":"plain","computed":true},"name":{"type":"string","description_kind":"plain","optional":true},"output_file":{"type":"string","description_kind":"plain","optional":true},"total_count":{"type":"number","description_kind":"plain","computed":true},"vip":{"type":"string","description_kind":"plain","optional":true},"vnet_id":{"type":"string","description_kind":"plain","optional":true},"vpc_id":{"type":"string","description_kind":"plain","optional":true}},"description_kind":"plain"}},"ksyun_redis_security_groups":{"version":0,"block":{"attributes":{"id":{"type":"string","description_kind":"plain","optional":true,"computed":true},"instances":{"type":["list",["object",{"created":"string","description":"string","name":"string","security_group_id":"string","updated":"string"}]],"description_kind":"plain","computed":true},"output_file":{"type":"string","description_kind":"plain","optional":true},"total_count":{"type":"number","description_kind":"plain","computed":true}},"description_kind":"plain"}},"ksyun_routes":{"version":0,"block":{"attributes":{"id":{"type":"string","description_kind":"plain","optional":true,"computed":true},"ids":{"type":["set","string"],"description_kind":"plain","optional":true},"instance_ids":{"type":["set","string"],"description_kind":"plain","optional":true},"output_file":{"type":"string","description_kind":"plain","optional":true},"routes":{"type":["list",["object",{"create_time":"string","destination_cidr_block":"string","id":"string","next_hop_set":["list",["object",{"gateway_id":"string","gateway_name":"string"}]],"route_type":"string","vpc_id":"string"}]],"description_kind":"plain","computed":true},"total_count":{"type":"number","description_kind":"plain","computed":true},"vpc_ids":{"type":["set","string"],"description_kind":"plain","optional":true}},"description_kind":"plain"}},"ksyun_security_groups":{"version":0,"block":{"attributes":{"id":{"type":"string","description_kind":"plain","optional":true,"computed":true},"ids":{"type":["set","string"],"description_kind":"plain","optional":true},"output_file":{"type":"string","description_kind":"plain","optional":true},"security_groups":{"type":["list",["object",{"create_time":"string","security_group_entry_set":["list",["object",{"cidr_block":"string","description":"string","direction":"string","icmp_code":"number","icmp_type":"number","port_range_from":"number","port_range_to":"number","protocol":"string","security_group_entry_id":"string"}]],"security_group_id":"string","security_group_name":"string","security_group_type":"string","vpc_id":"string"}]],"description_kind":"plain","computed":true},"total_count":{"type":"number","description_kind":"plain","computed":true},"vpc_id":{"type":["set","string"],"description_kind":"plain","optional":true}},"description_kind":"plain"}},"ksyun_slbs":{"version":0,"block":{"attributes":{"id":{"type":"string","description_kind":"plain","optional":true,"computed":true},"ids":{"type":["set","string"],"description_kind":"plain","optional":true},"lbs":{"type":["list",["object",{"create_time":"string","load_balancer_id":"string","load_balancer_name":"string","load_balancer_state":"string","public_ip":"string","state":"string","subnet_id":"string","type":"string","vpc_id":"string"}]],"description_kind":"plain","computed":true},"name_regex":{"type":"string","description_kind":"plain","optional":true},"output_file":{"type":"string","description_kind":"plain","optional":true},"state":{"type":"string","description_kind":"plain","optional":true},"total_count":{"type":"number","description_kind":"plain","computed":true},"vpc_id":{"type":["set","string"],"description_kind":"plain","optional":true}},"description_kind":"plain"}},"ksyun_sqlservers":{"version":0,"block":{"attributes":{"db_instance_identifier":{"type":"string","description":"source instance identifier","description_kind":"plain","optional":true},"db_instance_type":{"type":"string","description":"HRDS（高可用）,RR（只读实例）,TRDS（临时实例）","description_kind":"plain","optional":true},"id":{"type":"string","description_kind":"plain","optional":true,"computed":true},"keyword":{"type":"string","description_kind":"plain","optional":true},"marker":{"type":"number","description_kind":"plain","optional":true},"max_records":{"type":"number","description_kind":"plain","optional":true},"order":{"type":"string","description_kind":"plain","optional":true},"output_file":{"type":"string","description_kind":"plain","optional":true},"project_id":{"type":"string","description_kind":"plain","optional":true},"total_count":{"type":"number","description_kind":"plain","computed":true}},"block_types":{"sqlservers":{"nesting_mode":"list","block":{"attributes":{"audit":{"type":"bool","description_kind":"plain","optional":true,"computed":true},"availability_zone":{"type":"string","description_kind":"plain","optional":true,"computed":true},"bill_type":{"type":"string","description_kind":"plain","optional":true,"computed":true},"bill_type_id":{"type":"number","description_kind":"plain","optional":true,"computed":true},"datastore_version_id":{"type":"string","description_kind":"plain","optional":true,"computed":true},"db_instance_identifier":{"type":"string","description_kind":"plain","optional":true,"computed":true},"db_instance_name":{"type":"string","description_kind":"plain","optional":true,"computed":true},"db_instance_status":{"type":"string","description_kind":"plain","optional":true,"computed":true},"db_instance_type":{"type":"string","description_kind":"plain","optional":true,"computed":true},"db_parameter_group_id":{"type":"string","description_kind":"plain","optional":true,"computed":true},"disk_used":{"type":"number","description_kind":"plain","optional":true,"computed":true},"eip":{"type":"string","description_kind":"plain","optional":true,"computed":true},"eip_port":{"type":"number","description_kind":"plain","optional":true,"computed":true},"engine":{"type":"string","description_kind":"plain","optional":true,"computed":true},"engine_version":{"type":"string","description_kind":"plain","optional":true,"computed":true},"group_id":{"type":"string","description_kind":"plain","optional":true,"computed":true},"instance_create_time":{"type":"string","description_kind":"plain","optional":true,"computed":true},"master_availability_zone":{"type":"string","description_kind":"plain","optional":true,"computed":true},"master_user_name":{"type":"string","description_kind":"plain","optional":true,"computed":true},"multi_availability_zone":{"type":"bool","description_kind":"plain","optional":true,"computed":true},"order_id":{"type":"string","description_kind":"plain","optional":true,"computed":true},"order_source":{"type":"string","description_kind":"plain","optional":true,"computed":true},"order_type":{"type":"string","description_kind":"plain","optional":true,"computed":true},"order_use":{"type":"string","description_kind":"plain","optional":true,"computed":true},"port":{"type":"number","description_kind":"plain","optional":true,"computed":true},"preferred_backup_time":{"type":"string","description_kind":"plain","optional":true,"computed":true},"product_id":{"type":"string","description_kind":"plain","optional":true,"computed":true},"product_what":{"type":"number","description_kind":"plain","optional":true,"computed":true},"project_id":{"type":"number","description_kind":"plain","optional":true,"computed":true},"project_name":{"type":"string","description_kind":"plain","optional":true,"computed":true},"publicly_accessible":{"type":"bool","description_kind":"plain","optional":true,"computed":true},"region":{"type":"string","description_kind":"plain","optional":true,"computed":true},"rip":{"type":"string","description_kind":"plain","optional":true,"computed":true},"security_group_id":{"type":"string","description_kind":"plain","optional":true,"computed":true},"service_end_time":{"type":"string","description_kind":"plain","optional":true,"computed":true},"service_start_time":{"type":"string","description_kind":"plain","optional":true,"computed":true},"slave_availability_zone":{"type":"string","description_kind":"plain","optional":true,"computed":true},"sub_order_id":{"type":"string","description_kind":"plain","optional":true,"computed":true},"subnet_id":{"type":"string","description_kind":"plain","optional":true,"computed":true},"vip":{"type":"string","description_kind":"plain","optional":true,"computed":true},"vpc_id":{"type":"string","description_kind":"plain","optional":true,"computed":true}},"block_types":{"db_instance_class":{"nesting_mode":"set","block":{"attributes":{"disk":{"type":"number","description_kind":"plain","optional":true,"computed":true},"id":{"type":"string","description_kind":"plain","optional":true,"computed":true},"iops":{"type":"number","description_kind":"plain","optional":true,"computed":true},"max_conn":{"type":"number","description_kind":"plain","optional":true,"computed":true},"mem":{"type":"number","description_kind":"plain","optional":true,"computed":true},"ram":{"type":"number","description_kind":"plain","optional":true,"computed":true},"vcpus":{"type":"number","description_kind":"plain","optional":true,"computed":true}},"description_kind":"plain"},"max_items":1},"db_source":{"nesting_mode":"set","block":{"attributes":{"db_instance_identifier":{"type":"string","description_kind":"plain","optional":true,"computed":true},"db_instance_name":{"type":"string","description_kind":"plain","optional":true,"computed":true},"db_instance_type":{"type":"string","description_kind":"plain","optional":true,"computed":true},"point_in_time":{"type":"string","description_kind":"plain","optional":true,"computed":true}},"description_kind":"plain"},"max_items":1},"read_replica_db_instance_identifiers":{"nesting_mode":"set","block":{"attributes":{"id":{"type":"string","description_kind":"plain","optional":true,"computed":true},"read_replica_db_instance_identifier":{"type":"string","description_kind":"plain","optional":true,"computed":true},"vip":{"type":"string","description_kind":"plain","optional":true,"computed":true}},"description_kind":"plain"}}},"description_kind":"plain"}},"timeouts":{"nesting_mode":"single","block":{"attributes":{"create":{"type":"string","description_kind":"plain","optional":true},"delete":{"type":"string","description_kind":"plain","optional":true},"read":{"type":"string","description_kind":"plain","optional":true},"update":{"type":"string","description_kind":"plain","optional":true}},"description_kind":"plain"}}},"description_kind":"plain"}},"ksyun_ssh_keys":{"version":0,"block":{"attributes":{"id":{"type":"string","description_kind":"plain","optional":true,"computed":true},"ids":{"type":["set","string"],"description_kind":"plain","optional":true},"key_name":{"type":"string","description_kind":"plain","optional":true},"keys":{"type":["list",["object",{"create_time":"string","key_id":"string","key_name":"string","public_key":"string"}]],"description_kind":"plain","computed":true},"name_regex":{"type":"string","description_kind":"plain","optional":true},"output_file":{"type":"string","description_kind":"plain","optional":true},"total_count":{"type":"number","description_kind":"plain","computed":true}},"description_kind":"plain"}},"ksyun_subnet_allocated_ip_addresses":{"version":0,"block":{"attributes":{"id":{"type":"string","description_kind":"plain","optional":true,"computed":true},"ids":{"type":["set","string"],"description_kind":"plain","optional":true},"output_file":{"type":"string","description_kind":"plain","optional":true},"subnet_allocated_ip_addresses":{"type":["list","string"],"description_kind":"plain","computed":true},"subnet_id":{"type":["set","string"],"description_kind":"plain","optional":true},"total_count":{"type":"number","description_kind":"plain","computed":true}},"description_kind":"plain"}},"ksyun_subnet_available_addresses":{"version":0,"block":{"attributes":{"id":{"type":"string","description_kind":"plain","optional":true,"computed":true},"ids":{"type":["set","string"],"description_kind":"plain","optional":true},"output_file":{"type":"string","description_kind":"plain","optional":true},"subnet_available_addresses":{"type":["list","string"],"description_kind":"plain","computed":true},"subnet_id":{"type":["set","string"],"description_kind":"plain","optional":true},"total_count":{"type":"number","description_kind":"plain","computed":true}},"description_kind":"plain"}},"ksyun_subnets":{"version":0,"block":{"attributes":{"id":{"type":"string","description_kind":"plain","optional":true,"computed":true},"ids":{"type":["set","string"],"description_kind":"plain","optional":true},"name_regex":{"type":"string","description_kind":"plain","optional":true},"output_file":{"type":"string","description_kind":"plain","optional":true},"subnet_types":{"type":["set","string"],"description_kind":"plain","optional":true},"subnets":{"type":["list",["object",{"availability_zone_name":"string","availble_i_p_number":"string","cidr_block":"string","create_time":"string","dhcp_ip_from":"string","dhcp_ip_to":"string","dns1":"string","dns2":"string","gateway_ip":"string","id":"string","name":"string","nat_id":"string","network_acl_id":"string","subnet_type":"string","vpc_id":"string"}]],"description_kind":"plain","computed":true},"total_count":{"type":"number","description_kind":"plain","computed":true},"vpc_ids":{"type":["set","string"],"description_kind":"plain","optional":true}},"description_kind":"plain"}},"ksyun_volumes":{"version":0,"block":{"attributes":{"availability_zone":{"type":"string","description_kind":"plain","optional":true},"id":{"type":"string","description_kind":"plain","optional":true,"computed":true},"ids":{"type":["set","string"],"description_kind":"plain","optional":true},"output_file":{"type":"string","description_kind":"plain","optional":true},"total_count":{"type":"number","description_kind":"plain","computed":true},"volume_category":{"type":"string","description_kind":"plain","optional":true},"volume_status":{"type":"string","description_kind":"plain","optional":true},"volume_type":{"type":"string","description_kind":"plain","optional":true},"volumes":{"type":["list",["object",{"availability_zone":"string","create_time":"string","instance_id":"string","project_id":"number","size":"number","volume_category":"string","volume_desc":"string","volume_id":"string","volume_name":"string","volume_status":"string","volume_type":"string"}]],"description_kind":"plain","computed":true}},"description_kind":"plain"}},"ksyun_vpcs":{"version":0,"block":{"attributes":{"id":{"type":"string","description_kind":"plain","optional":true,"computed":true},"ids":{"type":["set","string"],"description_kind":"plain","optional":true},"name_regex":{"type":"string","description_kind":"plain","optional":true},"output_file":{"type":"string","description_kind":"plain","optional":true},"total_count":{"type":"number","description_kind":"plain","computed":true},"vpcs":{"type":["list",["object",{"cidr_block":"string","create_time":"string","id":"string","name":"string"}]],"description_kind":"plain","computed":true}},"description_kind":"plain"}}}}}}
