{"format_version":"0.2","provider_schemas":{"registry.terraform.io/kirillmeleshko/restapi":{"provider":{"version":0,"block":{"attributes":{"cert_file":{"type":"string","description":"When set with the key_file parameter, the provider will load a client certificate for mTLS authentication.","description_kind":"plain","optional":true},"copy_keys":{"type":["list","string"],"description":"When set, any PUT to the API for an object will copy these keys from the data the provider has gathered about the object. This is useful if internal API information must also be provided with updates, such as the revision of the object.","description_kind":"plain","optional":true},"create_method":{"type":"string","description":"Defaults to `POST`. The HTTP method used to CREATE objects of this type on the API server.","description_kind":"plain","optional":true},"create_returns_object":{"type":"bool","description":"Set this when the API returns the object created only on creation operations (POST). This is used by the provider to refresh internal data structures.","description_kind":"plain","optional":true},"debug":{"type":"bool","description":"Enabling this will cause lots of debug information to be printed to STDOUT by the API client.","description_kind":"plain","optional":true},"destroy_method":{"type":"string","description":"Defaults to `DELETE`. The HTTP method used to DELETE objects of this type on the API server.","description_kind":"plain","optional":true},"headers":{"type":["map","string"],"description":"A map of header names and values to set on all outbound requests. This is useful if you want to use a script via the 'external' provider or provide a pre-approved token or change Content-Type from `application/json`. If `username` and `password` are set and Authorization is one of the headers defined here, the BASIC auth credentials take precedence.","description_kind":"plain","optional":true},"id_attribute":{"type":"string","description":"When set, this key will be used to operate on REST objects. For example, if the ID is set to 'name', changes to the API object will be to http://foo.com/bar/VALUE_OF_NAME. This value may also be a '/'-delimeted path to the id attribute if it is multple levels deep in the data (such as `attributes/id` in the case of an object `{ \"attributes\": { \"id\": 1234 }, \"config\": { \"name\": \"foo\", \"something\": \"bar\"}}`","description_kind":"plain","optional":true},"insecure":{"type":"bool","description":"When using https, this disables TLS verification of the host.","description_kind":"plain","optional":true},"key_file":{"type":"string","description":"When set with the cert_file parameter, the provider will load a client certificate for mTLS authentication. Note that this mechanism simply delegates to golang's tls.LoadX509KeyPair which does not support passphrase protected private keys. The most robust security protections available to the key_file are simple file system permissions.","description_kind":"plain","optional":true},"password":{"type":"string","description":"When set, will use this password for BASIC auth to the API.","description_kind":"plain","optional":true},"rate_limit":{"type":"number","description":"Set this to limit the number of requests per second made to the API.","description_kind":"plain","optional":true},"read_method":{"type":"string","description":"Defaults to `GET`. The HTTP method used to READ objects of this type on the API server.","description_kind":"plain","optional":true},"test_path":{"type":"string","description":"If set, the provider will issue a read_method request to this path after instantiation requiring a 200 OK response before proceeding. This is useful if your API provides a no-op endpoint that can signal if this provider is configured correctly. Response data will be ignored.","description_kind":"plain","optional":true},"timeout":{"type":"number","description":"When set, will cause requests taking longer than this time (in seconds) to be aborted.","description_kind":"plain","optional":true},"update_method":{"type":"string","description":"Defaults to `PUT`. The HTTP method used to UPDATE objects of this type on the API server.","description_kind":"plain","optional":true},"uri":{"type":"string","description":"URI of the REST API endpoint. This serves as the base of all requests.","description_kind":"plain","required":true},"use_cookies":{"type":"bool","description":"Enable cookie jar to persist session.","description_kind":"plain","optional":true},"username":{"type":"string","description":"When set, will use this username for BASIC auth to the API.","description_kind":"plain","optional":true},"write_returns_object":{"type":"bool","description":"Set this when the API returns the object created on all write operations (POST, PUT). This is used by the provider to refresh internal data structures.","description_kind":"plain","optional":true},"xssi_prefix":{"type":"string","description":"Trim the xssi prefix from response string, if present, before parsing.","description_kind":"plain","optional":true}},"block_types":{"oauth_client_credentials":{"nesting_mode":"list","block":{"attributes":{"endpoint_params":{"type":["map",["list","string"]],"description":"Additional key/values to pass to the underlying Oauth client library (as EndpointParams)","description_kind":"plain","optional":true},"oauth_client_id":{"type":"string","description":"client id","description_kind":"plain","required":true},"oauth_client_secret":{"type":"string","description":"client secret","description_kind":"plain","required":true},"oauth_scopes":{"type":["list","string"],"description":"scopes","description_kind":"plain","optional":true},"oauth_token_endpoint":{"type":"string","description":"oauth token endpoint","description_kind":"plain","required":true}},"description_kind":"plain"},"max_items":1}},"description_kind":"plain"}},"resource_schemas":{"restapi_object":{"version":0,"block":{"attributes":{"api_data":{"type":["map","string"],"description":"After data from the API server is read, this map will include k/v pairs usable in other terraform resources as readable objects. Currently the value is the golang fmt package's representation of the value (simple primitives are set as expected, but complex types like arrays and maps contain golang formatting).","description_kind":"plain","computed":true},"api_response":{"type":"string","description":"The raw body of the HTTP response from the last read of the object.","description_kind":"plain","computed":true},"create_method":{"type":"string","description":"Defaults to `create_method` set on the provider. Allows per-resource override of `create_method` (see `create_method` provider config documentation)","description_kind":"plain","optional":true},"create_path":{"type":"string","description":"Defaults to `path`. The API path that represents where to CREATE (POST) objects of this type on the API server. The string `{id}` will be replaced with the terraform ID of the object if the data contains the `id_attribute`.","description_kind":"plain","optional":true},"create_response":{"type":"string","description":"The raw body of the HTTP response returned when creating the object.","description_kind":"plain","computed":true},"data":{"type":"string","description":"Valid JSON data that this provider will manage with the API server.","description_kind":"plain","required":true},"debug":{"type":"bool","description":"Whether to emit verbose debug output while working with the API object on the server.","description_kind":"plain","optional":true},"destroy_method":{"type":"string","description":"Defaults to `destroy_method` set on the provider. Allows per-resource override of `destroy_method` (see `destroy_method` provider config documentation)","description_kind":"plain","optional":true},"destroy_path":{"type":"string","description":"Defaults to `path/{id}`. The API path that represents where to DESTROY (DELETE) objects of this type on the API server. The string `{id}` will be replaced with the terraform ID of the object.","description_kind":"plain","optional":true},"force_new":{"type":["list","string"],"description":"Any changes to these values will result in recreating the resource instead of updating.","description_kind":"plain","optional":true},"id":{"type":"string","description_kind":"plain","optional":true,"computed":true},"id_attribute":{"type":"string","description":"Defaults to `id_attribute` set on the provider. Allows per-resource override of `id_attribute` (see `id_attribute` provider config documentation)","description_kind":"plain","optional":true},"object_id":{"type":"string","description":"Defaults to the id learned by the provider during normal operations and `id_attribute`. Allows you to set the id manually. This is used in conjunction with the `*_path` attributes.","description_kind":"plain","optional":true},"path":{"type":"string","description":"The API path on top of the base URL set in the provider that represents objects of this type on the API server.","description_kind":"plain","required":true},"query_string":{"type":"string","description":"Query string to be included in the path","description_kind":"plain","optional":true},"read_method":{"type":"string","description":"Defaults to `read_method` set on the provider. Allows per-resource override of `read_method` (see `read_method` provider config documentation)","description_kind":"plain","optional":true},"read_path":{"type":"string","description":"Defaults to `path/{id}`. The API path that represents where to READ (GET) objects of this type on the API server. The string `{id}` will be replaced with the terraform ID of the object.","description_kind":"plain","optional":true},"read_search":{"type":["map","string"],"description":"Custom search for `read_path`. This map will take `search_key`, `search_value`, `results_key` and `query_string` (see datasource config documentation)","description_kind":"plain","optional":true},"update_method":{"type":"string","description":"Defaults to `update_method` set on the provider. Allows per-resource override of `update_method` (see `update_method` provider config documentation)","description_kind":"plain","optional":true},"update_path":{"type":"string","description":"Defaults to `path/{id}`. The API path that represents where to UPDATE (PUT) objects of this type on the API server. The string `{id}` will be replaced with the terraform ID of the object.","description_kind":"plain","optional":true}},"description_kind":"plain"}}},"data_source_schemas":{"restapi_object":{"version":0,"block":{"attributes":{"api_data":{"type":["map","string"],"description":"After data from the API server is read, this map will include k/v pairs usable in other terraform resources as readable objects. Currently the value is the golang fmt package's representation of the value (simple primitives are set as expected, but complex types like arrays and maps contain golang formatting).","description_kind":"plain","computed":true},"api_response":{"type":"string","description":"The raw body of the HTTP response from the last read of the object.","description_kind":"plain","computed":true},"debug":{"type":"bool","description":"Whether to emit verbose debug output while working with the API object on the server.","description_kind":"plain","optional":true},"id":{"type":"string","description_kind":"plain","optional":true,"computed":true},"id_attribute":{"type":"string","description":"Defaults to `id_attribute` set on the provider. Allows per-resource override of `id_attribute` (see `id_attribute` provider config documentation)","description_kind":"plain","optional":true},"path":{"type":"string","description":"The API path on top of the base URL set in the provider that represents objects of this type on the API server.","description_kind":"plain","required":true},"query_string":{"type":"string","description":"An optional query string to send when performing the search.","description_kind":"plain","optional":true},"read_query_string":{"type":"string","description":"Defaults to `query_string` set on data source. This key allows setting a different or empty query string for reading the object.","description_kind":"plain","optional":true},"results_key":{"type":"string","description":"When issuing a GET to the path, this JSON key is used to locate the results array. The format is 'field/field/field'. Example: 'results/values'. If omitted, it is assumed the results coming back are already an array and are to be used exactly as-is.","description_kind":"plain","optional":true},"search_key":{"type":"string","description":"When reading search results from the API, this key is used to identify the specific record to read. This should be a unique record such as 'name'. Similar to results_key, the value may be in the format of 'field/field/field' to search for data deeper in the returned object.","description_kind":"plain","required":true},"search_path":{"type":"string","description":"The API path on top of the base URL set in the provider that represents the location to search for objects of this type on the API server. If not set, defaults to the value of path.","description_kind":"plain","optional":true},"search_value":{"type":"string","description":"The value of 'search_key' will be compared to this value to determine if the correct object was found. Example: if 'search_key' is 'name' and 'search_value' is 'foo', the record in the array returned by the API with name=foo will be used.","description_kind":"plain","required":true}},"description_kind":"plain"}}}}}}
