{"format_version":"0.2","provider_schemas":{"registry.terraform.io/koalificationio/webhookrelay":{"provider":{"version":0,"block":{"attributes":{"api_key":{"type":"string","description":"The Webhookrelay API key.","description_kind":"plain","required":true},"api_secret":{"type":"string","description":"The Webhookrelay API secret.","description_kind":"plain","required":true},"base_path":{"type":"string","description":"API basepath. Default is /.","description_kind":"plain","optional":true},"host":{"type":"string","description":"Webhook API host. Default is my.webhookrelay.com.","description_kind":"plain","optional":true}},"description_kind":"plain"}},"resource_schemas":{"webhookrelay_bucket":{"version":0,"block":{"attributes":{"default_input":{"type":["list",["object",{"description":"string","id":"string","name":"string"}]],"description_kind":"plain","computed":true},"delete_default_input":{"type":"bool","description_kind":"plain","optional":true},"description":{"type":"string","description_kind":"plain","optional":true},"ephemeral_webhooks":{"type":"bool","description_kind":"plain","optional":true},"id":{"type":"string","description_kind":"plain","optional":true,"computed":true},"input":{"type":["set",["object",{"description":"string","id":"string","name":"string"}]],"description_kind":"plain","computed":true},"name":{"type":"string","description_kind":"plain","required":true},"websocket_streaming":{"type":"bool","description_kind":"plain","optional":true}},"block_types":{"auth":{"nesting_mode":"list","block":{"attributes":{"password":{"type":"string","description_kind":"plain","optional":true,"sensitive":true},"token":{"type":"string","description_kind":"plain","optional":true,"sensitive":true},"type":{"type":"string","description_kind":"plain","optional":true},"username":{"type":"string","description_kind":"plain","optional":true}},"description_kind":"plain"},"max_items":1}},"description_kind":"plain"}},"webhookrelay_function":{"version":0,"block":{"attributes":{"config":{"type":["map","string"],"description_kind":"plain","optional":true},"driver":{"type":"string","description_kind":"plain","optional":true},"id":{"type":"string","description_kind":"plain","optional":true,"computed":true},"name":{"type":"string","description_kind":"plain","required":true},"payload":{"type":"string","description_kind":"plain","required":true}},"description_kind":"plain"}},"webhookrelay_input":{"version":0,"block":{"attributes":{"bucket_id":{"type":"string","description_kind":"plain","required":true},"description":{"type":"string","description_kind":"plain","optional":true},"function_id":{"type":"string","description_kind":"plain","optional":true},"headers":{"type":["map","string"],"description_kind":"plain","optional":true},"id":{"type":"string","description_kind":"plain","optional":true,"computed":true},"name":{"type":"string","description_kind":"plain","required":true},"response_body":{"type":"string","description_kind":"plain","optional":true},"status_code":{"type":"number","description_kind":"plain","optional":true,"computed":true}},"description_kind":"plain"}},"webhookrelay_output":{"version":0,"block":{"attributes":{"bucket_id":{"type":"string","description_kind":"plain","required":true},"description":{"type":"string","description_kind":"plain","optional":true},"destination":{"type":"string","description_kind":"plain","required":true},"function_id":{"type":"string","description_kind":"plain","optional":true},"id":{"type":"string","description_kind":"plain","optional":true,"computed":true},"internal":{"type":"bool","description_kind":"plain","optional":true},"name":{"type":"string","description_kind":"plain","required":true},"rules":{"type":"string","description_kind":"plain","optional":true},"tls_verification":{"type":"bool","description_kind":"plain","optional":true}},"description_kind":"plain"}},"webhookrelay_token":{"version":0,"block":{"attributes":{"api_access":{"type":"string","description_kind":"plain","optional":true},"description":{"type":"string","description_kind":"plain","optional":true},"id":{"type":"string","description_kind":"plain","optional":true,"computed":true},"key":{"type":"string","description_kind":"plain","computed":true},"secret":{"type":"string","description_kind":"plain","computed":true,"sensitive":true}},"block_types":{"scopes":{"nesting_mode":"list","block":{"attributes":{"buckets":{"type":["list","string"],"description_kind":"plain","optional":true},"tunnels":{"type":["list","string"],"description_kind":"plain","optional":true}},"description_kind":"plain"},"max_items":1}},"description_kind":"plain"}}}}}}
