{"format_version":"0.2","provider_schemas":{"registry.terraform.io/koroutine/gh-secrets":{"provider":{"version":0,"block":{"attributes":{"token":{"type":"string","description":"The OAuth token used to connect to GitHub.","description_kind":"plain","optional":true,"sensitive":true}},"description_kind":"plain"}},"resource_schemas":{"gh-secrets_value":{"version":0,"block":{"attributes":{"created_at":{"type":"string","description_kind":"plain","computed":true},"id":{"type":"string","description_kind":"plain","optional":true,"computed":true},"name":{"type":"string","description_kind":"plain","required":true},"repo":{"type":"string","description_kind":"plain","required":true},"updated_at":{"type":"string","description_kind":"plain","computed":true},"value":{"type":"string","description_kind":"plain","required":true,"sensitive":true}},"description_kind":"plain"}}}}}}
