{"format_version":"0.2","provider_schemas":{"registry.terraform.io/kotechnologiesltd/cloudcraft":{"provider":{"version":0,"block":{"attributes":{"apikey":{"type":"string","description":"apikey for cloudcraft","description_kind":"plain","required":true,"sensitive":true},"baseurl":{"type":"string","description":"Host URL for cloudcraft","description_kind":"plain","optional":true},"max_retries":{"type":"number","description":"Max Retries","description_kind":"plain","optional":true}},"description_kind":"plain"}},"resource_schemas":{"cloudcraft_blueprint":{"version":0,"block":{"attributes":{"createdat":{"type":"string","description_kind":"plain","computed":true},"creatorid":{"type":"string","description_kind":"plain","computed":true},"grid":{"type":"string","description_kind":"plain","required":true},"id":{"type":"string","description_kind":"plain","optional":true,"computed":true},"lastuserid":{"type":"string","description_kind":"plain","computed":true},"name":{"type":"string","description_kind":"plain","required":true},"updatedat":{"type":"string","description_kind":"plain","computed":true},"version":{"type":"number","description_kind":"plain","computed":true}},"description_kind":"plain"}},"cloudcraft_integration_aws":{"version":0,"block":{"attributes":{"createdat":{"type":"string","description_kind":"plain","computed":true},"creatorid":{"type":"string","description_kind":"plain","computed":true},"externalid":{"type":"string","description_kind":"plain","computed":true},"id":{"type":"string","description_kind":"plain","optional":true,"computed":true},"name":{"type":"string","description_kind":"plain","required":true},"rolearn":{"type":"string","description_kind":"plain","required":true},"updatedat":{"type":"string","description_kind":"plain","computed":true}},"description_kind":"plain"}}},"data_source_schemas":{"cloudcraft_blueprint":{"version":0,"block":{"attributes":{"createdat":{"type":"string","description_kind":"plain","computed":true},"creatorid":{"type":"string","description_kind":"plain","computed":true},"grid":{"type":"string","description_kind":"plain","computed":true},"id":{"type":"string","description_kind":"plain","required":true},"lastuserid":{"type":"string","description_kind":"plain","computed":true},"name":{"type":"string","description_kind":"plain","computed":true},"updatedat":{"type":"string","description_kind":"plain","computed":true},"version":{"type":"number","description_kind":"plain","computed":true}},"description_kind":"plain"}},"cloudcraft_integration_aws":{"version":0,"block":{"attributes":{"createdat":{"type":"string","description_kind":"plain","computed":true},"creatorid":{"type":"string","description_kind":"plain","computed":true},"externalid":{"type":"string","description_kind":"plain","computed":true},"id":{"type":"string","description_kind":"plain","required":true},"name":{"type":"string","description_kind":"plain","computed":true},"rolearn":{"type":"string","description_kind":"plain","computed":true},"updatedat":{"type":"string","description_kind":"plain","computed":true}},"description_kind":"plain"}}}}}}
