{"format_version":"0.2","provider_schemas":{"registry.terraform.io/kpurdon/codefresh":{"provider":{"version":0,"block":{"attributes":{"api_url":{"type":"string","description_kind":"plain","optional":true},"token":{"type":"string","description_kind":"plain","optional":true}},"description_kind":"plain"}},"resource_schemas":{"codefresh_account":{"version":0,"block":{"attributes":{"features":{"type":["map","bool"],"description_kind":"plain","optional":true},"id":{"type":"string","description_kind":"plain","optional":true,"computed":true},"name":{"type":"string","description_kind":"plain","required":true}},"block_types":{"build":{"nesting_mode":"list","block":{"attributes":{"nodes":{"type":"number","description_kind":"plain","optional":true},"parallel":{"type":"number","description_kind":"plain","required":true}},"description_kind":"plain"}},"limits":{"nesting_mode":"list","block":{"attributes":{"collaborators":{"type":"number","description_kind":"plain","required":true},"data_retention_weeks":{"type":"number","description_kind":"plain","optional":true}},"description_kind":"plain"}}},"description_kind":"plain"}},"codefresh_account_admins":{"version":0,"block":{"attributes":{"account_id":{"type":"string","description_kind":"plain","required":true},"id":{"type":"string","description_kind":"plain","optional":true,"computed":true},"users":{"type":["set","string"],"description_kind":"plain","required":true}},"description_kind":"plain"}},"codefresh_api_key":{"version":0,"block":{"attributes":{"account_id":{"type":"string","description_kind":"plain","required":true},"id":{"type":"string","description_kind":"plain","optional":true,"computed":true},"name":{"type":"string","description_kind":"plain","required":true},"scopes":{"type":["set","string"],"description_kind":"plain","optional":true},"token":{"type":"string","description_kind":"plain","computed":true,"sensitive":true},"user_id":{"type":"string","description_kind":"plain","required":true}},"description_kind":"plain"}},"codefresh_context":{"version":0,"block":{"attributes":{"id":{"type":"string","description_kind":"plain","optional":true,"computed":true},"name":{"type":"string","description_kind":"plain","required":true}},"block_types":{"spec":{"nesting_mode":"list","block":{"block_types":{"config":{"nesting_mode":"list","block":{"attributes":{"data":{"type":["map","string"],"description_kind":"plain","required":true}},"description_kind":"plain"},"max_items":1},"secret":{"nesting_mode":"list","block":{"attributes":{"data":{"type":["map","string"],"description_kind":"plain","required":true,"sensitive":true}},"description_kind":"plain"},"max_items":1},"secretyaml":{"nesting_mode":"list","block":{"attributes":{"data":{"type":"string","description_kind":"plain","required":true,"sensitive":true}},"description_kind":"plain"},"max_items":1},"yaml":{"nesting_mode":"list","block":{"attributes":{"data":{"type":"string","description_kind":"plain","required":true}},"description_kind":"plain"},"max_items":1}},"description_kind":"plain"},"min_items":1,"max_items":1}},"description_kind":"plain"}},"codefresh_idp_accounts":{"version":0,"block":{"attributes":{"account_ids":{"type":["set","string"],"description_kind":"plain","required":true},"id":{"type":"string","description_kind":"plain","optional":true,"computed":true},"idp_id":{"type":"string","description_kind":"plain","required":true}},"description_kind":"plain"}},"codefresh_permission":{"version":0,"block":{"attributes":{"_id":{"type":"string","description_kind":"plain","optional":true,"computed":true},"action":{"type":"string","description_kind":"plain","required":true},"id":{"type":"string","description_kind":"plain","optional":true,"computed":true},"resource":{"type":"string","description_kind":"plain","required":true},"tags":{"type":["set","string"],"description_kind":"plain","optional":true},"team":{"type":"string","description_kind":"plain","required":true}},"description_kind":"plain"}},"codefresh_pipeline":{"version":0,"block":{"attributes":{"id":{"type":"string","description_kind":"plain","optional":true,"computed":true},"is_public":{"type":"bool","description_kind":"plain","optional":true},"name":{"type":"string","description_kind":"plain","required":true},"original_yaml_string":{"type":"string","description_kind":"plain","optional":true},"project_id":{"type":"string","description_kind":"plain","computed":true},"revision":{"type":"number","description_kind":"plain","computed":true},"tags":{"type":["set","string"],"description_kind":"plain","optional":true}},"block_types":{"spec":{"nesting_mode":"list","block":{"attributes":{"branch_concurrency":{"type":"number","description_kind":"plain","optional":true},"concurrency":{"type":"number","description_kind":"plain","optional":true},"contexts":{"type":["list","string"],"description_kind":"plain","optional":true},"pack_id":{"type":"string","description_kind":"plain","optional":true},"priority":{"type":"number","description_kind":"plain","optional":true},"trigger_concurrency":{"type":"number","description_kind":"plain","optional":true},"variables":{"type":["map","string"],"description_kind":"plain","optional":true}},"block_types":{"options":{"nesting_mode":"list","block":{"attributes":{"keep_pvcs_for_pending_approval":{"type":"bool","description_kind":"plain","optional":true},"pending_approval_concurrency_applied":{"type":"bool","description_kind":"plain","optional":true}},"description_kind":"plain"},"max_items":1},"runtime_environment":{"nesting_mode":"list","block":{"attributes":{"cpu":{"type":"string","description_kind":"plain","optional":true},"dind_storage":{"type":"string","description_kind":"plain","optional":true},"memory":{"type":"string","description_kind":"plain","optional":true},"name":{"type":"string","description_kind":"plain","optional":true}},"description_kind":"plain"}},"spec_template":{"nesting_mode":"list","block":{"attributes":{"context":{"type":"string","description_kind":"plain","optional":true},"location":{"type":"string","description_kind":"plain","optional":true},"path":{"type":"string","description_kind":"plain","required":true},"repo":{"type":"string","description_kind":"plain","required":true},"revision":{"type":"string","description_kind":"plain","required":true}},"description_kind":"plain"}},"termination_policy":{"nesting_mode":"list","block":{"attributes":{"on_terminate_annotation":{"type":"bool","description_kind":"plain","optional":true}},"block_types":{"on_create_branch":{"nesting_mode":"list","block":{"attributes":{"branch_name":{"type":"string","description_kind":"plain","optional":true},"ignore_branch":{"type":"bool","description_kind":"plain","optional":true},"ignore_trigger":{"type":"bool","description_kind":"plain","optional":true}},"description_kind":"plain"},"max_items":1}},"description_kind":"plain"},"max_items":1},"trigger":{"nesting_mode":"list","block":{"attributes":{"branch_regex":{"type":"string","description_kind":"plain","optional":true},"branch_regex_input":{"type":"string","description_kind":"plain","optional":true},"comment_regex":{"type":"string","description_kind":"plain","optional":true},"commit_status_title":{"type":"string","description_kind":"plain","optional":true},"context":{"type":"string","description_kind":"plain","optional":true},"contexts":{"type":["list","string"],"description_kind":"plain","optional":true},"description":{"type":"string","description_kind":"plain","optional":true},"disabled":{"type":"bool","description_kind":"plain","optional":true},"events":{"type":["list","string"],"description_kind":"plain","optional":true},"modified_files_glob":{"type":"string","description_kind":"plain","optional":true},"name":{"type":"string","description_kind":"plain","optional":true},"provider":{"type":"string","description_kind":"plain","optional":true},"pull_request_allow_fork_events":{"type":"bool","description_kind":"plain","optional":true},"pull_request_target_branch_regex":{"type":"string","description_kind":"plain","optional":true},"repo":{"type":"string","description_kind":"plain","optional":true},"type":{"type":"string","description_kind":"plain","optional":true},"variables":{"type":["map","string"],"description_kind":"plain","optional":true}},"block_types":{"runtime_environment":{"nesting_mode":"list","block":{"attributes":{"cpu":{"type":"string","description_kind":"plain","optional":true},"dind_storage":{"type":"string","description_kind":"plain","optional":true},"memory":{"type":"string","description_kind":"plain","optional":true},"name":{"type":"string","description_kind":"plain","optional":true}},"description_kind":"plain"}}},"description_kind":"plain"}}},"description_kind":"plain"},"max_items":1}},"description_kind":"plain"}},"codefresh_project":{"version":0,"block":{"attributes":{"id":{"type":"string","description_kind":"plain","optional":true,"computed":true},"name":{"type":"string","description_kind":"plain","required":true},"tags":{"type":["set","string"],"description_kind":"plain","optional":true},"variables":{"type":["map","string"],"description_kind":"plain","optional":true}},"description_kind":"plain"}},"codefresh_step_types":{"version":0,"block":{"attributes":{"id":{"type":"string","description_kind":"plain","optional":true,"computed":true},"name":{"type":"string","description_kind":"plain","required":true},"version":{"type":["set",["object",{"step_types_yaml":"string","version_number":"string"}]],"description_kind":"plain","required":true}},"description_kind":"plain"}},"codefresh_team":{"version":0,"block":{"attributes":{"account_id":{"type":"string","description_kind":"plain","optional":true,"computed":true},"id":{"type":"string","description_kind":"plain","optional":true,"computed":true},"name":{"type":"string","description_kind":"plain","required":true},"tags":{"type":["set","string"],"description_kind":"plain","optional":true},"type":{"type":"string","description_kind":"plain","optional":true},"users":{"type":["set","string"],"description_kind":"plain","optional":true}},"description_kind":"plain"}},"codefresh_user":{"version":0,"block":{"attributes":{"accounts":{"type":["set","string"],"description_kind":"plain","required":true},"activate":{"type":"bool","description_kind":"plain","optional":true},"email":{"type":"string","description_kind":"plain","required":true},"id":{"type":"string","description_kind":"plain","optional":true,"computed":true},"roles":{"type":["set","string"],"description_kind":"plain","optional":true},"short_profile":{"type":["list",["object",{"user_name":"string"}]],"description_kind":"plain","computed":true},"status":{"type":"string","description_kind":"plain","computed":true},"user_name":{"type":"string","description_kind":"plain","required":true}},"block_types":{"login":{"nesting_mode":"set","block":{"attributes":{"idp_id":{"type":"string","description_kind":"plain","optional":true},"sso":{"type":"bool","description_kind":"plain","optional":true}},"description_kind":"plain"}},"personal":{"nesting_mode":"list","block":{"attributes":{"company_name":{"type":"string","description_kind":"plain","optional":true},"country":{"type":"string","description_kind":"plain","optional":true},"first_name":{"type":"string","description_kind":"plain","optional":true},"last_name":{"type":"string","description_kind":"plain","optional":true},"phone_number":{"type":"string","description_kind":"plain","optional":true}},"description_kind":"plain"},"max_items":1}},"description_kind":"plain"}}},"data_source_schemas":{"codefresh_account":{"version":0,"block":{"attributes":{"_id":{"type":"string","description_kind":"plain","optional":true},"admins":{"type":["list","string"],"description_kind":"plain","optional":true},"id":{"type":"string","description_kind":"plain","optional":true,"computed":true},"name":{"type":"string","description_kind":"plain","optional":true}},"description_kind":"plain"}},"codefresh_context":{"version":0,"block":{"attributes":{"data":{"type":"string","description_kind":"plain","computed":true},"id":{"type":"string","description_kind":"plain","optional":true,"computed":true},"name":{"type":"string","description_kind":"plain","required":true},"type":{"type":"string","description_kind":"plain","computed":true}},"description_kind":"plain"}},"codefresh_current_account":{"version":0,"block":{"attributes":{"_id":{"type":"string","description_kind":"plain","optional":true},"id":{"type":"string","description_kind":"plain","optional":true,"computed":true},"name":{"type":"string","description_kind":"plain","optional":true}},"block_types":{"users":{"nesting_mode":"list","block":{"attributes":{"email":{"type":"string","description_kind":"plain","required":true},"id":{"type":"string","description_kind":"plain","required":true},"name":{"type":"string","description_kind":"plain","required":true}},"description_kind":"plain"}}},"description_kind":"plain"}},"codefresh_idps":{"version":0,"block":{"attributes":{"_id":{"type":"string","description_kind":"plain","optional":true},"access_token":{"type":"string","description_kind":"plain","computed":true},"accounts":{"type":["set","string"],"description_kind":"plain","computed":true},"app_id":{"type":"string","description_kind":"plain","computed":true},"client_host":{"type":"string","description_kind":"plain","computed":true},"client_id":{"type":"string","description_kind":"plain","computed":true},"client_name":{"type":"string","description_kind":"plain","optional":true},"client_secret":{"type":"string","description_kind":"plain","computed":true},"client_type":{"type":"string","description_kind":"plain","optional":true},"cookie_iv":{"type":"string","description_kind":"plain","computed":true},"cookie_key":{"type":"string","description_kind":"plain","computed":true},"display_name":{"type":"string","description_kind":"plain","optional":true},"id":{"type":"string","description_kind":"plain","optional":true,"computed":true},"scopes":{"type":["set","string"],"description_kind":"plain","computed":true},"tenant":{"type":"string","description_kind":"plain","computed":true}},"description_kind":"plain"}},"codefresh_step_types":{"version":0,"block":{"attributes":{"id":{"type":"string","description_kind":"plain","optional":true,"computed":true},"name":{"type":"string","description_kind":"plain","required":true},"version":{"type":["set",["object",{"step_types_yaml":"string","version_number":"string"}]],"description_kind":"plain","computed":true}},"description_kind":"plain"}},"codefresh_team":{"version":0,"block":{"attributes":{"_id":{"type":"string","description_kind":"plain","optional":true},"account_id":{"type":"string","description_kind":"plain","optional":true},"id":{"type":"string","description_kind":"plain","optional":true,"computed":true},"name":{"type":"string","description_kind":"plain","optional":true},"tags":{"type":["list","string"],"description_kind":"plain","optional":true},"type":{"type":"string","description_kind":"plain","optional":true},"users":{"type":["list","string"],"description_kind":"plain","optional":true}},"description_kind":"plain"}},"codefresh_user":{"version":0,"block":{"attributes":{"email":{"type":"string","description_kind":"plain","required":true},"id":{"type":"string","description_kind":"plain","optional":true,"computed":true},"logins":{"type":["list",["object",{"credentials":["list",["object",{"permissions":["set","string"]}]],"idp":["list",["object",{"client_type":"string","id":"string"}]]}]],"description_kind":"plain","computed":true},"personal":{"type":["list",["object",{"company_name":"string","country":"string","first_name":"string","last_name":"string","phone_number":"string"}]],"description_kind":"plain","computed":true},"roles":{"type":["set","string"],"description_kind":"plain","computed":true},"short_profile":{"type":["list",["object",{"user_name":"string"}]],"description_kind":"plain","computed":true},"status":{"type":"string","description_kind":"plain","computed":true},"user_id":{"type":"string","description_kind":"plain","computed":true},"user_name":{"type":"string","description_kind":"plain","computed":true}},"description_kind":"plain"}},"codefresh_users":{"version":0,"block":{"attributes":{"id":{"type":"string","description_kind":"plain","optional":true,"computed":true},"users":{"type":["list",["object",{"email":"string","logins":["list",["object",{"credentials":["list",["object",{"permissions":["set","string"]}]],"idp":["list",["object",{"client_type":"string","id":"string"}]]}]],"personal":["list",["object",{"company_name":"string","country":"string","first_name":"string","last_name":"string","phone_number":"string"}]],"roles":["set","string"],"short_profile":["list",["object",{"user_name":"string"}]],"status":"string","user_id":"string","user_name":"string"}]],"description_kind":"plain","computed":true}},"description_kind":"plain"}}}}}}
