{"format_version":"0.2","provider_schemas":{"registry.terraform.io/kreuzwerker/docker":{"provider":{"version":0,"block":{"attributes":{"ca_material":{"type":"string","description":"PEM-encoded content of Docker host CA certificate","description_kind":"plain","optional":true},"cert_material":{"type":"string","description":"PEM-encoded content of Docker client certificate","description_kind":"plain","optional":true},"cert_path":{"type":"string","description":"Path to directory with Docker TLS config","description_kind":"plain","optional":true},"host":{"type":"string","description":"The Docker daemon address","description_kind":"plain","optional":true},"key_material":{"type":"string","description":"PEM-encoded content of Docker client private key","description_kind":"plain","optional":true}},"block_types":{"registry_auth":{"nesting_mode":"set","block":{"attributes":{"address":{"type":"string","description":"Address of the registry","description_kind":"plain","required":true},"config_file":{"type":"string","description":"Path to docker json file for registry auth","description_kind":"plain","optional":true},"config_file_content":{"type":"string","description":"Plain content of the docker json file for registry auth","description_kind":"plain","optional":true},"password":{"type":"string","description":"Password for the registry","description_kind":"plain","optional":true,"sensitive":true},"username":{"type":"string","description":"Username for the registry","description_kind":"plain","optional":true}},"description_kind":"plain"}}},"description_kind":"plain"}},"resource_schemas":{"docker_config":{"version":0,"block":{"attributes":{"data":{"type":"string","description":"Base64-url-safe-encoded config data","description_kind":"plain","required":true,"sensitive":true},"id":{"type":"string","description_kind":"plain","optional":true,"computed":true},"name":{"type":"string","description":"User-defined name of the config","description_kind":"plain","required":true}},"description_kind":"plain"}},"docker_container":{"version":2,"block":{"attributes":{"attach":{"type":"bool","description_kind":"plain","optional":true},"bridge":{"type":"string","description_kind":"plain","computed":true},"command":{"type":["list","string"],"description_kind":"plain","optional":true,"computed":true},"container_logs":{"type":"string","description_kind":"plain","computed":true},"cpu_set":{"type":"string","description_kind":"plain","optional":true},"cpu_shares":{"type":"number","description_kind":"plain","optional":true},"destroy_grace_seconds":{"type":"number","description_kind":"plain","optional":true},"dns":{"type":["set","string"],"description_kind":"plain","optional":true},"dns_opts":{"type":["set","string"],"description_kind":"plain","optional":true},"dns_search":{"type":["set","string"],"description_kind":"plain","optional":true},"domainname":{"type":"string","description_kind":"plain","optional":true},"entrypoint":{"type":["list","string"],"description_kind":"plain","optional":true,"computed":true},"env":{"type":["set","string"],"description_kind":"plain","optional":true,"computed":true},"exit_code":{"type":"number","description_kind":"plain","computed":true},"gateway":{"type":"string","description_kind":"plain","computed":true},"group_add":{"type":["set","string"],"description":"Additional groups for the container user","description_kind":"plain","optional":true},"hostname":{"type":"string","description_kind":"plain","optional":true,"computed":true},"id":{"type":"string","description_kind":"plain","optional":true,"computed":true},"image":{"type":"string","description_kind":"plain","required":true},"init":{"type":"bool","description_kind":"plain","optional":true,"computed":true},"ip_address":{"type":"string","description_kind":"plain","computed":true},"ip_prefix_length":{"type":"number","description_kind":"plain","computed":true},"ipc_mode":{"type":"string","description":"IPC sharing mode for the container","description_kind":"plain","optional":true,"computed":true},"links":{"type":["set","string"],"description_kind":"plain","optional":true},"log_driver":{"type":"string","description_kind":"plain","optional":true},"log_opts":{"type":["map","string"],"description_kind":"plain","optional":true},"logs":{"type":"bool","description_kind":"plain","optional":true},"max_retry_count":{"type":"number","description_kind":"plain","optional":true},"memory":{"type":"number","description_kind":"plain","optional":true},"memory_swap":{"type":"number","description_kind":"plain","optional":true},"must_run":{"type":"bool","description_kind":"plain","optional":true},"name":{"type":"string","description_kind":"plain","required":true},"network_alias":{"type":["set","string"],"description":"Set an alias for the container in all specified networks","description_kind":"plain","optional":true},"network_data":{"type":["list",["object",{"gateway":"string","global_ipv6_address":"string","global_ipv6_prefix_length":"number","ip_address":"string","ip_prefix_length":"number","ipv6_gateway":"string","network_name":"string"}]],"description_kind":"plain","computed":true},"network_mode":{"type":"string","description_kind":"plain","optional":true},"networks":{"type":["set","string"],"description_kind":"plain","optional":true},"pid_mode":{"type":"string","description_kind":"plain","optional":true},"privileged":{"type":"bool","description_kind":"plain","optional":true},"publish_all_ports":{"type":"bool","description_kind":"plain","optional":true},"read_only":{"type":"bool","description_kind":"plain","optional":true},"remove_volumes":{"type":"bool","description_kind":"plain","optional":true},"restart":{"type":"string","description_kind":"plain","optional":true},"rm":{"type":"bool","description_kind":"plain","optional":true},"security_opts":{"type":["set","string"],"description":"List of string values to customize labels for MLS systems, such as SELinux. See https://docs.docker.com/engine/reference/run/#security-configuration","description_kind":"plain","optional":true,"computed":true},"shm_size":{"type":"number","description_kind":"plain","optional":true,"computed":true},"start":{"type":"bool","description_kind":"plain","optional":true},"sysctls":{"type":["map","string"],"description_kind":"plain","optional":true},"tmpfs":{"type":["map","string"],"description_kind":"plain","optional":true},"user":{"type":"string","description_kind":"plain","optional":true},"userns_mode":{"type":"string","description_kind":"plain","optional":true},"working_dir":{"type":"string","description_kind":"plain","optional":true}},"block_types":{"capabilities":{"nesting_mode":"set","block":{"attributes":{"add":{"type":["set","string"],"description_kind":"plain","optional":true},"drop":{"type":["set","string"],"description_kind":"plain","optional":true}},"description_kind":"plain"},"max_items":1},"devices":{"nesting_mode":"set","block":{"attributes":{"container_path":{"type":"string","description_kind":"plain","optional":true},"host_path":{"type":"string","description_kind":"plain","required":true},"permissions":{"type":"string","description_kind":"plain","optional":true}},"description_kind":"plain"}},"healthcheck":{"nesting_mode":"list","block":{"attributes":{"interval":{"type":"string","description":"Time between running the check (ms|s|m|h)","description_kind":"plain","optional":true},"retries":{"type":"number","description":"Consecutive failures needed to report unhealthy","description_kind":"plain","optional":true},"start_period":{"type":"string","description":"Start period for the container to initialize before counting retries towards unstable (ms|s|m|h)","description_kind":"plain","optional":true},"test":{"type":["list","string"],"description":"The test to perform as list","description_kind":"plain","required":true},"timeout":{"type":"string","description":"Maximum time to allow one check to run (ms|s|m|h)","description_kind":"plain","optional":true}},"description_kind":"plain"},"max_items":1},"host":{"nesting_mode":"set","block":{"attributes":{"host":{"type":"string","description_kind":"plain","required":true},"ip":{"type":"string","description_kind":"plain","required":true}},"description_kind":"plain"}},"labels":{"nesting_mode":"set","block":{"attributes":{"label":{"type":"string","description":"Name of the label","description_kind":"plain","required":true},"value":{"type":"string","description":"Value of the label","description_kind":"plain","required":true}},"description_kind":"plain"}},"mounts":{"nesting_mode":"set","block":{"attributes":{"read_only":{"type":"bool","description":"Whether the mount should be read-only","description_kind":"plain","optional":true},"source":{"type":"string","description":"Mount source (e.g. a volume name, a host path)","description_kind":"plain","optional":true},"target":{"type":"string","description":"Container path","description_kind":"plain","required":true},"type":{"type":"string","description":"The mount type","description_kind":"plain","required":true}},"block_types":{"bind_options":{"nesting_mode":"list","block":{"attributes":{"propagation":{"type":"string","description":"A propagation mode with the value","description_kind":"plain","optional":true}},"description_kind":"plain"},"max_items":1},"tmpfs_options":{"nesting_mode":"list","block":{"attributes":{"mode":{"type":"number","description":"The permission mode for the tmpfs mount in an integer","description_kind":"plain","optional":true},"size_bytes":{"type":"number","description":"The size for the tmpfs mount in bytes","description_kind":"plain","optional":true}},"description_kind":"plain"},"max_items":1},"volume_options":{"nesting_mode":"list","block":{"attributes":{"driver_name":{"type":"string","description":"Name of the driver to use to create the volume.","description_kind":"plain","optional":true},"driver_options":{"type":["map","string"],"description":"key/value map of driver specific options","description_kind":"plain","optional":true},"no_copy":{"type":"bool","description":"Populate volume with data from the target","description_kind":"plain","optional":true}},"block_types":{"labels":{"nesting_mode":"set","block":{"attributes":{"label":{"type":"string","description":"Name of the label","description_kind":"plain","required":true},"value":{"type":"string","description":"Value of the label","description_kind":"plain","required":true}},"description_kind":"plain"}}},"description_kind":"plain"},"max_items":1}},"description_kind":"plain"}},"networks_advanced":{"nesting_mode":"set","block":{"attributes":{"aliases":{"type":["set","string"],"description_kind":"plain","optional":true},"ipv4_address":{"type":"string","description_kind":"plain","optional":true},"ipv6_address":{"type":"string","description_kind":"plain","optional":true},"name":{"type":"string","description_kind":"plain","required":true}},"description_kind":"plain"}},"ports":{"nesting_mode":"list","block":{"attributes":{"external":{"type":"number","description_kind":"plain","optional":true,"computed":true},"internal":{"type":"number","description_kind":"plain","required":true},"ip":{"type":"string","description_kind":"plain","optional":true},"protocol":{"type":"string","description_kind":"plain","optional":true}},"description_kind":"plain"}},"ulimit":{"nesting_mode":"set","block":{"attributes":{"hard":{"type":"number","description_kind":"plain","required":true},"name":{"type":"string","description_kind":"plain","required":true},"soft":{"type":"number","description_kind":"plain","required":true}},"description_kind":"plain"}},"upload":{"nesting_mode":"set","block":{"attributes":{"content":{"type":"string","description_kind":"plain","optional":true},"content_base64":{"type":"string","description_kind":"plain","optional":true},"executable":{"type":"bool","description_kind":"plain","optional":true},"file":{"type":"string","description_kind":"plain","required":true},"source":{"type":"string","description_kind":"plain","optional":true},"source_hash":{"type":"string","description_kind":"plain","optional":true}},"description_kind":"plain"}},"volumes":{"nesting_mode":"set","block":{"attributes":{"container_path":{"type":"string","description_kind":"plain","optional":true},"from_container":{"type":"string","description_kind":"plain","optional":true},"host_path":{"type":"string","description_kind":"plain","optional":true},"read_only":{"type":"bool","description_kind":"plain","optional":true},"volume_name":{"type":"string","description_kind":"plain","optional":true}},"description_kind":"plain"}}},"description_kind":"plain"}},"docker_image":{"version":0,"block":{"attributes":{"id":{"type":"string","description_kind":"plain","optional":true,"computed":true},"keep_locally":{"type":"bool","description_kind":"plain","optional":true},"latest":{"type":"string","description_kind":"plain","computed":true},"name":{"type":"string","description_kind":"plain","required":true},"output":{"type":"string","description_kind":"plain","computed":true},"pull_trigger":{"type":"string","description_kind":"plain","optional":true},"pull_triggers":{"type":["set","string"],"description_kind":"plain","optional":true}},"block_types":{"build":{"nesting_mode":"set","block":{"attributes":{"build_arg":{"type":["map","string"],"description":"Set build-time variables","description_kind":"plain","optional":true},"dockerfile":{"type":"string","description":"Name of the Dockerfile (Default is 'PATH/Dockerfile')","description_kind":"plain","optional":true},"force_remove":{"type":"bool","description":"Always remove intermediate containers","description_kind":"plain","optional":true},"label":{"type":["map","string"],"description":"Set metadata for an image","description_kind":"plain","optional":true},"no_cache":{"type":"bool","description":"Do not use cache when building the image","description_kind":"plain","optional":true},"path":{"type":"string","description":"Context path","description_kind":"plain","required":true},"remove":{"type":"bool","description":"Remove intermediate containers after a successful build (default true)","description_kind":"plain","optional":true},"tag":{"type":["list","string"],"description":"Name and optionally a tag in the 'name:tag' format","description_kind":"plain","optional":true},"target":{"type":"string","description":"Set the target build stage to build","description_kind":"plain","optional":true}},"description_kind":"plain"},"max_items":1}},"description_kind":"plain"}},"docker_network":{"version":1,"block":{"attributes":{"attachable":{"type":"bool","description_kind":"plain","optional":true},"check_duplicate":{"type":"bool","description_kind":"plain","optional":true},"driver":{"type":"string","description_kind":"plain","optional":true,"computed":true},"id":{"type":"string","description_kind":"plain","optional":true,"computed":true},"ingress":{"type":"bool","description_kind":"plain","optional":true},"internal":{"type":"bool","description_kind":"plain","optional":true,"computed":true},"ipam_driver":{"type":"string","description_kind":"plain","optional":true},"ipv6":{"type":"bool","description_kind":"plain","optional":true},"name":{"type":"string","description_kind":"plain","required":true},"options":{"type":["map","string"],"description_kind":"plain","optional":true,"computed":true},"scope":{"type":"string","description_kind":"plain","computed":true}},"block_types":{"ipam_config":{"nesting_mode":"set","block":{"attributes":{"aux_address":{"type":["map","string"],"description_kind":"plain","optional":true},"gateway":{"type":"string","description_kind":"plain","optional":true},"ip_range":{"type":"string","description_kind":"plain","optional":true},"subnet":{"type":"string","description_kind":"plain","optional":true}},"description_kind":"plain"}},"labels":{"nesting_mode":"set","block":{"attributes":{"label":{"type":"string","description":"Name of the label","description_kind":"plain","required":true},"value":{"type":"string","description":"Value of the label","description_kind":"plain","required":true}},"description_kind":"plain"}}},"description_kind":"plain"}},"docker_registry_image":{"version":0,"block":{"attributes":{"id":{"type":"string","description_kind":"plain","optional":true,"computed":true},"keep_remotely":{"type":"bool","description_kind":"plain","optional":true},"name":{"type":"string","description_kind":"plain","required":true},"sha256_digest":{"type":"string","description_kind":"plain","computed":true}},"block_types":{"build":{"nesting_mode":"list","block":{"attributes":{"build_args":{"type":["map","string"],"description_kind":"plain","optional":true},"build_id":{"type":"string","description_kind":"plain","optional":true},"cache_from":{"type":["list","string"],"description_kind":"plain","optional":true},"cgroup_parent":{"type":"string","description_kind":"plain","optional":true},"context":{"type":"string","description_kind":"plain","required":true},"cpu_period":{"type":"number","description_kind":"plain","optional":true},"cpu_quota":{"type":"number","description_kind":"plain","optional":true},"cpu_set_cpus":{"type":"string","description_kind":"plain","optional":true},"cpu_set_mems":{"type":"string","description_kind":"plain","optional":true},"cpu_shares":{"type":"number","description_kind":"plain","optional":true},"dockerfile":{"type":"string","description_kind":"plain","optional":true},"extra_hosts":{"type":["list","string"],"description_kind":"plain","optional":true},"force_remove":{"type":"bool","description_kind":"plain","optional":true},"isolation":{"type":"string","description_kind":"plain","optional":true},"labels":{"type":["map","string"],"description_kind":"plain","optional":true},"memory":{"type":"number","description_kind":"plain","optional":true},"memory_swap":{"type":"number","description_kind":"plain","optional":true},"network_mode":{"type":"string","description_kind":"plain","optional":true},"no_cache":{"type":"bool","description_kind":"plain","optional":true},"platform":{"type":"string","description_kind":"plain","optional":true},"pull_parent":{"type":"bool","description_kind":"plain","optional":true},"remote_context":{"type":"string","description_kind":"plain","optional":true},"remove":{"type":"bool","description_kind":"plain","optional":true},"security_opt":{"type":["list","string"],"description_kind":"plain","optional":true},"session_id":{"type":"string","description_kind":"plain","optional":true},"shm_size":{"type":"number","description_kind":"plain","optional":true},"squash":{"type":"bool","description_kind":"plain","optional":true},"suppress_output":{"type":"bool","description_kind":"plain","optional":true},"target":{"type":"string","description_kind":"plain","optional":true},"version":{"type":"string","description_kind":"plain","optional":true}},"block_types":{"auth_config":{"nesting_mode":"list","block":{"attributes":{"auth":{"type":"string","description_kind":"plain","optional":true},"email":{"type":"string","description_kind":"plain","optional":true},"host_name":{"type":"string","description_kind":"plain","required":true},"identity_token":{"type":"string","description_kind":"plain","optional":true},"password":{"type":"string","description_kind":"plain","optional":true},"registry_token":{"type":"string","description_kind":"plain","optional":true},"server_address":{"type":"string","description_kind":"plain","optional":true},"user_name":{"type":"string","description_kind":"plain","optional":true}},"description_kind":"plain"}},"ulimit":{"nesting_mode":"list","block":{"attributes":{"hard":{"type":"number","description_kind":"plain","required":true},"name":{"type":"string","description_kind":"plain","required":true},"soft":{"type":"number","description_kind":"plain","required":true}},"description_kind":"plain"}}},"description_kind":"plain"},"max_items":1}},"description_kind":"plain"}},"docker_secret":{"version":1,"block":{"attributes":{"data":{"type":"string","description":"Base64-url-safe-encoded secret data","description_kind":"plain","required":true,"sensitive":true},"id":{"type":"string","description_kind":"plain","optional":true,"computed":true},"name":{"type":"string","description":"User-defined name of the secret","description_kind":"plain","required":true}},"block_types":{"labels":{"nesting_mode":"set","block":{"attributes":{"label":{"type":"string","description":"Name of the label","description_kind":"plain","required":true},"value":{"type":"string","description":"Value of the label","description_kind":"plain","required":true}},"description_kind":"plain"}}},"description_kind":"plain"}},"docker_service":{"version":1,"block":{"attributes":{"auth":{"type":["map","string"],"description_kind":"plain","optional":true},"id":{"type":"string","description_kind":"plain","optional":true,"computed":true},"name":{"type":"string","description":"Name of the service","description_kind":"plain","required":true}},"block_types":{"converge_config":{"nesting_mode":"list","block":{"attributes":{"delay":{"type":"string","description":"The interval to check if the desired state is reached (ms|s). Default: 7s","description_kind":"plain","optional":true},"timeout":{"type":"string","description":"The timeout of the service to reach the desired state (s|m). Default: 3m","description_kind":"plain","optional":true}},"description_kind":"plain"},"max_items":1},"endpoint_spec":{"nesting_mode":"list","block":{"attributes":{"mode":{"type":"string","description":"The mode of resolution to use for internal load balancing between tasks","description_kind":"plain","optional":true,"computed":true}},"block_types":{"ports":{"nesting_mode":"list","block":{"attributes":{"name":{"type":"string","description":"A random name for the port","description_kind":"plain","optional":true},"protocol":{"type":"string","description":"Rrepresents the protocol of a port: 'tcp', 'udp' or 'sctp'","description_kind":"plain","optional":true},"publish_mode":{"type":"string","description":"Represents the mode in which the port is to be published: 'ingress' or 'host'","description_kind":"plain","optional":true},"published_port":{"type":"number","description":"The port on the swarm hosts.","description_kind":"plain","optional":true,"computed":true},"target_port":{"type":"number","description":"The port inside the container","description_kind":"plain","required":true}},"description_kind":"plain"}}},"description_kind":"plain"},"max_items":1},"labels":{"nesting_mode":"set","block":{"attributes":{"label":{"type":"string","description":"Name of the label","description_kind":"plain","required":true},"value":{"type":"string","description":"Value of the label","description_kind":"plain","required":true}},"description_kind":"plain"}},"mode":{"nesting_mode":"list","block":{"attributes":{"global":{"type":"bool","description":"The global service mode","description_kind":"plain","optional":true}},"block_types":{"replicated":{"nesting_mode":"list","block":{"attributes":{"replicas":{"type":"number","description":"The amount of replicas of the service","description_kind":"plain","optional":true}},"description_kind":"plain"},"max_items":1}},"description_kind":"plain"},"max_items":1},"rollback_config":{"nesting_mode":"list","block":{"attributes":{"delay":{"type":"string","description":"Delay between task rollbacks (ns|us|ms|s|m|h)","description_kind":"plain","optional":true},"failure_action":{"type":"string","description":"Action on rollback failure: pause | continue","description_kind":"plain","optional":true},"max_failure_ratio":{"type":"string","description":"Failure rate to tolerate during a rollback","description_kind":"plain","optional":true},"monitor":{"type":"string","description":"Duration after each task rollback to monitor for failure (ns|us|ms|s|m|h)","description_kind":"plain","optional":true},"order":{"type":"string","description":"Rollback order: either 'stop-first' or 'start-first'","description_kind":"plain","optional":true},"parallelism":{"type":"number","description":"Maximum number of tasks to be rollbacked in one iteration","description_kind":"plain","optional":true}},"description_kind":"plain"},"max_items":1},"task_spec":{"nesting_mode":"list","block":{"attributes":{"force_update":{"type":"number","description":"A counter that triggers an update even if no relevant parameters have been changed. See https://github.com/docker/swarmkit/blob/master/api/specs.proto#L126","description_kind":"plain","optional":true,"computed":true},"networks":{"type":["set","string"],"description":"Ids of the networks in which the  container will be put in.","description_kind":"plain","optional":true},"restart_policy":{"type":["map","string"],"description":"Specification for the restart policy which applies to containers created as part of this service.","description_kind":"plain","optional":true,"computed":true},"runtime":{"type":"string","description":"Runtime is the type of runtime specified for the task executor. See https://github.com/moby/moby/blob/master/api/types/swarm/runtime.go","description_kind":"plain","optional":true,"computed":true}},"block_types":{"container_spec":{"nesting_mode":"list","block":{"attributes":{"args":{"type":["list","string"],"description":"Arguments to the command","description_kind":"plain","optional":true},"command":{"type":["list","string"],"description":"The command to be run in the image","description_kind":"plain","optional":true},"dir":{"type":"string","description":"The working directory for commands to run in","description_kind":"plain","optional":true},"env":{"type":["map","string"],"description":"A list of environment variables in the form VAR=\"value\"","description_kind":"plain","optional":true},"groups":{"type":["list","string"],"description":"A list of additional groups that the container process will run as","description_kind":"plain","optional":true},"hostname":{"type":"string","description":"The hostname to use for the container, as a valid RFC 1123 hostname","description_kind":"plain","optional":true},"image":{"type":"string","description":"The image name to use for the containers of the service","description_kind":"plain","required":true},"isolation":{"type":"string","description":"Isolation technology of the containers running the service. (Windows only)","description_kind":"plain","optional":true},"read_only":{"type":"bool","description":"Mount the container's root filesystem as read only","description_kind":"plain","optional":true},"stop_grace_period":{"type":"string","description":"Amount of time to wait for the container to terminate before forcefully removing it (ms|s|m|h)","description_kind":"plain","optional":true,"computed":true},"stop_signal":{"type":"string","description":"Signal to stop the container","description_kind":"plain","optional":true},"user":{"type":"string","description":"The user inside the container","description_kind":"plain","optional":true}},"block_types":{"configs":{"nesting_mode":"set","block":{"attributes":{"config_id":{"type":"string","description":"ID of the specific config that we're referencing","description_kind":"plain","required":true},"config_name":{"type":"string","description":"Name of the config that this references, but this is just provided for lookup/display purposes. The config in the reference will be identified by its ID","description_kind":"plain","optional":true},"file_gid":{"type":"string","description":"Represents the file GID","description_kind":"plain","optional":true},"file_mode":{"type":"number","description":"Represents represents the FileMode of the file","description_kind":"plain","optional":true},"file_name":{"type":"string","description":"Represents the final filename in the filesystem","description_kind":"plain","required":true},"file_uid":{"type":"string","description":"Represents the file UID","description_kind":"plain","optional":true}},"description_kind":"plain"}},"dns_config":{"nesting_mode":"list","block":{"attributes":{"nameservers":{"type":["list","string"],"description":"The IP addresses of the name servers","description_kind":"plain","required":true},"options":{"type":["list","string"],"description":"A list of internal resolver variables to be modified (e.g., debug, ndots:3, etc.)","description_kind":"plain","optional":true},"search":{"type":["list","string"],"description":"A search list for host-name lookup","description_kind":"plain","optional":true}},"description_kind":"plain"},"max_items":1},"healthcheck":{"nesting_mode":"list","block":{"attributes":{"interval":{"type":"string","description":"Time between running the check (ms|s|m|h)","description_kind":"plain","optional":true},"retries":{"type":"number","description":"Consecutive failures needed to report unhealthy","description_kind":"plain","optional":true},"start_period":{"type":"string","description":"Start period for the container to initialize before counting retries towards unstable (ms|s|m|h)","description_kind":"plain","optional":true},"test":{"type":["list","string"],"description":"The test to perform as list","description_kind":"plain","required":true},"timeout":{"type":"string","description":"Maximum time to allow one check to run (ms|s|m|h)","description_kind":"plain","optional":true}},"description_kind":"plain"},"max_items":1},"hosts":{"nesting_mode":"set","block":{"attributes":{"host":{"type":"string","description_kind":"plain","required":true},"ip":{"type":"string","description_kind":"plain","required":true}},"description_kind":"plain"}},"labels":{"nesting_mode":"set","block":{"attributes":{"label":{"type":"string","description":"Name of the label","description_kind":"plain","required":true},"value":{"type":"string","description":"Value of the label","description_kind":"plain","required":true}},"description_kind":"plain"}},"mounts":{"nesting_mode":"set","block":{"attributes":{"read_only":{"type":"bool","description":"Whether the mount should be read-only","description_kind":"plain","optional":true},"source":{"type":"string","description":"Mount source (e.g. a volume name, a host path)","description_kind":"plain","optional":true},"target":{"type":"string","description":"Container path","description_kind":"plain","required":true},"type":{"type":"string","description":"The mount type","description_kind":"plain","required":true}},"block_types":{"bind_options":{"nesting_mode":"list","block":{"attributes":{"propagation":{"type":"string","description":"A propagation mode with the value","description_kind":"plain","optional":true}},"description_kind":"plain"},"max_items":1},"tmpfs_options":{"nesting_mode":"list","block":{"attributes":{"mode":{"type":"number","description":"The permission mode for the tmpfs mount in an integer","description_kind":"plain","optional":true},"size_bytes":{"type":"number","description":"The size for the tmpfs mount in bytes","description_kind":"plain","optional":true}},"description_kind":"plain"},"max_items":1},"volume_options":{"nesting_mode":"list","block":{"attributes":{"driver_name":{"type":"string","description":"Name of the driver to use to create the volume.","description_kind":"plain","optional":true},"driver_options":{"type":["map","string"],"description":"key/value map of driver specific options","description_kind":"plain","optional":true},"no_copy":{"type":"bool","description":"Populate volume with data from the target","description_kind":"plain","optional":true}},"block_types":{"labels":{"nesting_mode":"set","block":{"attributes":{"label":{"type":"string","description":"Name of the label","description_kind":"plain","required":true},"value":{"type":"string","description":"Value of the label","description_kind":"plain","required":true}},"description_kind":"plain"}}},"description_kind":"plain"},"max_items":1}},"description_kind":"plain"}},"privileges":{"nesting_mode":"list","block":{"block_types":{"credential_spec":{"nesting_mode":"list","block":{"attributes":{"file":{"type":"string","description":"Load credential spec from this file","description_kind":"plain","optional":true},"registry":{"type":"string","description":"Load credential spec from this value in the Windows registry","description_kind":"plain","optional":true}},"description_kind":"plain"},"max_items":1},"se_linux_context":{"nesting_mode":"list","block":{"attributes":{"disable":{"type":"bool","description":"Disable SELinux","description_kind":"plain","optional":true},"level":{"type":"string","description":"SELinux level label","description_kind":"plain","optional":true},"role":{"type":"string","description":"SELinux role label","description_kind":"plain","optional":true},"type":{"type":"string","description":"SELinux type label","description_kind":"plain","optional":true},"user":{"type":"string","description":"SELinux user label","description_kind":"plain","optional":true}},"description_kind":"plain"},"max_items":1}},"description_kind":"plain"},"max_items":1},"secrets":{"nesting_mode":"set","block":{"attributes":{"file_gid":{"type":"string","description":"Represents the file GID","description_kind":"plain","optional":true},"file_mode":{"type":"number","description":"Represents represents the FileMode of the file","description_kind":"plain","optional":true},"file_name":{"type":"string","description":"Represents the final filename in the filesystem","description_kind":"plain","required":true},"file_uid":{"type":"string","description":"Represents the file UID","description_kind":"plain","optional":true},"secret_id":{"type":"string","description":"ID of the specific secret that we're referencing","description_kind":"plain","required":true},"secret_name":{"type":"string","description":"Name of the secret that this references, but this is just provided for lookup/display purposes. The config in the reference will be identified by its ID","description_kind":"plain","optional":true}},"description_kind":"plain"}}},"description_kind":"plain"},"min_items":1,"max_items":1},"log_driver":{"nesting_mode":"list","block":{"attributes":{"name":{"type":"string","description":"The logging driver to use","description_kind":"plain","required":true},"options":{"type":["map","string"],"description":"The options for the logging driver","description_kind":"plain","optional":true}},"description_kind":"plain"},"max_items":1},"placement":{"nesting_mode":"list","block":{"attributes":{"constraints":{"type":["set","string"],"description":"An array of constraints. e.g.: node.role==manager","description_kind":"plain","optional":true},"prefs":{"type":["set","string"],"description":"Preferences provide a way to make the scheduler aware of factors such as topology. They are provided in order from highest to lowest precedence, e.g.: spread=node.role.manager","description_kind":"plain","optional":true}},"block_types":{"platforms":{"nesting_mode":"set","block":{"attributes":{"architecture":{"type":"string","description":"The architecture, e.g. amd64","description_kind":"plain","required":true},"os":{"type":"string","description":"The operation system, e.g. linux","description_kind":"plain","required":true}},"description_kind":"plain"}}},"description_kind":"plain"},"max_items":1},"resources":{"nesting_mode":"list","block":{"block_types":{"limits":{"nesting_mode":"list","block":{"attributes":{"memory_bytes":{"type":"number","description":"The amounf of memory in bytes the container allocates","description_kind":"plain","optional":true},"nano_cpus":{"type":"number","description":"CPU shares in units of 1/1e9 (or 10^-9) of the CPU. Should be at least 1000000","description_kind":"plain","optional":true}},"block_types":{"generic_resources":{"nesting_mode":"list","block":{"attributes":{"discrete_resources_spec":{"type":["set","string"],"description":"The Integer resources","description_kind":"plain","optional":true},"named_resources_spec":{"type":["set","string"],"description":"The String resources","description_kind":"plain","optional":true}},"description_kind":"plain"},"max_items":1}},"description_kind":"plain"},"max_items":1},"reservation":{"nesting_mode":"list","block":{"attributes":{"memory_bytes":{"type":"number","description":"The amounf of memory in bytes the container allocates","description_kind":"plain","optional":true},"nano_cpus":{"type":"number","description":"CPU shares in units of 1/1e9 (or 10^-9) of the CPU. Should be at least 1000000","description_kind":"plain","optional":true}},"block_types":{"generic_resources":{"nesting_mode":"list","block":{"attributes":{"discrete_resources_spec":{"type":["set","string"],"description":"The Integer resources","description_kind":"plain","optional":true},"named_resources_spec":{"type":["set","string"],"description":"The String resources","description_kind":"plain","optional":true}},"description_kind":"plain"},"max_items":1}},"description_kind":"plain"},"max_items":1}},"description_kind":"plain"},"max_items":1}},"description_kind":"plain"},"min_items":1,"max_items":1},"update_config":{"nesting_mode":"list","block":{"attributes":{"delay":{"type":"string","description":"Delay between task updates (ns|us|ms|s|m|h)","description_kind":"plain","optional":true},"failure_action":{"type":"string","description":"Action on update failure: pause | continue | rollback","description_kind":"plain","optional":true},"max_failure_ratio":{"type":"string","description":"Failure rate to tolerate during an update","description_kind":"plain","optional":true},"monitor":{"type":"string","description":"Duration after each task update to monitor for failure (ns|us|ms|s|m|h)","description_kind":"plain","optional":true},"order":{"type":"string","description":"Update order: either 'stop-first' or 'start-first'","description_kind":"plain","optional":true},"parallelism":{"type":"number","description":"Maximum number of tasks to be updated in one iteration","description_kind":"plain","optional":true}},"description_kind":"plain"},"max_items":1}},"description_kind":"plain"}},"docker_volume":{"version":1,"block":{"attributes":{"driver":{"type":"string","description_kind":"plain","optional":true,"computed":true},"driver_opts":{"type":["map","string"],"description_kind":"plain","optional":true},"id":{"type":"string","description_kind":"plain","optional":true,"computed":true},"mountpoint":{"type":"string","description_kind":"plain","computed":true},"name":{"type":"string","description_kind":"plain","optional":true,"computed":true}},"block_types":{"labels":{"nesting_mode":"set","block":{"attributes":{"label":{"type":"string","description":"Name of the label","description_kind":"plain","required":true},"value":{"type":"string","description":"Value of the label","description_kind":"plain","required":true}},"description_kind":"plain"}}},"description_kind":"plain"}}},"data_source_schemas":{"docker_network":{"version":1,"block":{"attributes":{"driver":{"type":"string","description_kind":"plain","computed":true},"id":{"type":"string","description_kind":"plain","optional":true},"internal":{"type":"bool","description_kind":"plain","computed":true},"ipam_config":{"type":["set",["object",{"aux_address":["map","string"],"gateway":"string","ip_range":"string","subnet":"string"}]],"description_kind":"plain","computed":true},"name":{"type":"string","description_kind":"plain","optional":true},"options":{"type":["map","string"],"description_kind":"plain","computed":true},"scope":{"type":"string","description_kind":"plain","computed":true}},"description_kind":"plain"}},"docker_registry_image":{"version":0,"block":{"attributes":{"id":{"type":"string","description_kind":"plain","optional":true,"computed":true},"name":{"type":"string","description_kind":"plain","optional":true},"sha256_digest":{"type":"string","description_kind":"plain","computed":true}},"description_kind":"plain"}}}}}}
