{"format_version":"0.2","provider_schemas":{"registry.terraform.io/kristofferahl/healthchecksio":{"provider":{"version":0,"block":{"attributes":{"api_key":{"type":"string","description":"A healthchecks.io api key.","description_kind":"plain","required":true},"api_url":{"type":"string","description":"A healthchecks.io api base URL.","description_kind":"plain","optional":true}},"description_kind":"plain"}},"resource_schemas":{"healthchecksio_check":{"version":0,"block":{"attributes":{"channels":{"type":["list","string"],"description":"Channels integrated with the check","description_kind":"plain","optional":true},"desc":{"type":"string","description":"Description of the check","description_kind":"plain","optional":true},"grace":{"type":"number","description":"Grace period for the check","description_kind":"plain","optional":true},"id":{"type":"string","description_kind":"plain","optional":true,"computed":true},"methods":{"type":"string","description":"Allowed HTTP methods for making ping requests","description_kind":"plain","optional":true},"name":{"type":"string","description":"Name of the check","description_kind":"plain","required":true},"pause_url":{"type":"string","description":"Pause URL associated with this check","description_kind":"plain","computed":true},"ping_url":{"type":"string","description":"Ping URL associated with this check","description_kind":"plain","computed":true},"schedule":{"type":"string","description":"A cron expression defining the check's schedule","description_kind":"plain","optional":true},"tags":{"type":["list","string"],"description":"Tags associated with the check","description_kind":"plain","optional":true},"timeout":{"type":"number","description":"Timeout period of the check","description_kind":"plain","optional":true},"timezone":{"type":"string","description":"Timezone used for the schedule","description_kind":"plain","optional":true}},"description_kind":"plain"}}},"data_source_schemas":{"healthchecksio_channel":{"version":0,"block":{"attributes":{"id":{"type":"string","description":"ID of the channel","description_kind":"plain","computed":true},"kind":{"type":"string","description":"Kind of channel","description_kind":"plain","required":true},"name":{"type":"string","description":"Name of the channel to search for","description_kind":"plain","optional":true}},"description_kind":"plain"}}}}}}
