{"format_version":"0.2","provider_schemas":{"registry.terraform.io/krystal/katapult":{"provider":{"version":0,"block":{"attributes":{"api_key":{"type":"string","description":"API Key for Katapult Core API. Can be specified with the `KATAPULT_API_KEY` environment variable.","description_kind":"markdown","required":true,"sensitive":true},"data_center":{"type":"string","description":"Data center permalink. Can be specified with the `KATAPULT_DATA_CENTER` environment variable.","description_kind":"markdown","required":true},"log_level":{"type":"string","description":"Log level used by Katapult Terraform provider. Can be specified with the `KATAPULT_LOG_LEVEL` environment variable. Defaults to `info`.","description_kind":"markdown","optional":true},"organization":{"type":"string","description":"Organization sub-domain. Can be specified with the `KATAPULT_ORGANIZATION` environment variable.","description_kind":"markdown","required":true}},"description_kind":"plain"}},"resource_schemas":{"katapult_ip":{"version":0,"block":{"attributes":{"address":{"type":"string","description_kind":"plain","computed":true},"address_with_mask":{"type":"string","description_kind":"plain","computed":true},"allocation_id":{"type":"string","description_kind":"plain","computed":true},"allocation_type":{"type":"string","description_kind":"plain","computed":true},"id":{"type":"string","description_kind":"plain","computed":true},"label":{"type":"string","description":"VIP label. Required when **vip** is `true`.","description_kind":"markdown","optional":true},"network_id":{"type":"string","description_kind":"plain","optional":true,"computed":true},"reverse_dns":{"type":"string","description_kind":"plain","computed":true},"version":{"type":"number","description":"IPv4 or IPv6. Defaults to `4`.","description_kind":"markdown","optional":true},"vip":{"type":"bool","description":"Defaults to `false`.","description_kind":"markdown","optional":true}},"description_kind":"plain"}},"katapult_virtual_machine":{"version":0,"block":{"attributes":{"description":{"type":"string","description_kind":"plain","optional":true},"disk_template":{"type":"string","description":"Permalink or ID of a Disk Template.","description_kind":"markdown","required":true},"disk_template_options":{"type":["map","string"],"description_kind":"plain","optional":true},"fqdn":{"type":"string","description_kind":"plain","computed":true},"group_id":{"type":"string","description_kind":"plain","optional":true},"hostname":{"type":"string","description_kind":"plain","optional":true,"computed":true},"id":{"type":"string","description_kind":"plain","computed":true},"ip_address_ids":{"type":["set","string"],"description":"One or more IP IDs.","description_kind":"markdown","required":true},"ip_addresses":{"type":["set","string"],"description_kind":"plain","computed":true},"name":{"type":"string","description_kind":"plain","optional":true,"computed":true},"network_speed_profile":{"type":"string","description":"Permalink of a Network Speed Profile.","description_kind":"markdown","optional":true,"computed":true},"package":{"type":"string","description":"Permalink or ID of a Virtual Machine Package.","description_kind":"markdown","required":true},"state":{"type":"string","description_kind":"plain","computed":true},"tags":{"type":["set","string"],"description_kind":"plain","optional":true}},"block_types":{"timeouts":{"nesting_mode":"single","block":{"attributes":{"create":{"type":"string","description_kind":"plain","optional":true},"delete":{"type":"string","description_kind":"plain","optional":true},"update":{"type":"string","description_kind":"plain","optional":true}},"description_kind":"plain"}}},"description_kind":"plain"}},"katapult_virtual_machine_group":{"version":0,"block":{"attributes":{"id":{"type":"string","description_kind":"plain","computed":true},"name":{"type":"string","description_kind":"plain","required":true},"segregate":{"type":"bool","description":"Defaults to `true`.","description_kind":"markdown","optional":true}},"description_kind":"plain"}}},"data_source_schemas":{"katapult_data_center":{"version":0,"block":{"attributes":{"country_id":{"type":"string","description_kind":"plain","computed":true},"country_name":{"type":"string","description_kind":"plain","computed":true},"id":{"type":"string","description_kind":"plain","optional":true,"computed":true},"name":{"type":"string","description_kind":"plain","computed":true},"permalink":{"type":"string","description_kind":"plain","optional":true,"computed":true}},"description_kind":"plain"}},"katapult_disk_template":{"version":0,"block":{"attributes":{"description":{"type":"string","description_kind":"plain","computed":true},"id":{"type":"string","description_kind":"plain","optional":true,"computed":true},"name":{"type":"string","description_kind":"plain","computed":true},"os_family":{"type":"string","description_kind":"plain","computed":true},"permalink":{"type":"string","description_kind":"plain","optional":true,"computed":true},"template_version":{"type":"number","description_kind":"plain","computed":true},"universal":{"type":"bool","description_kind":"plain","computed":true}},"description_kind":"plain"}},"katapult_disk_templates":{"version":0,"block":{"attributes":{"id":{"type":"string","description":"Always set to provider organization value.","description_kind":"markdown","computed":true},"include_universal":{"type":"bool","description":"Include universal disk templates. Defaults to `true`.","description_kind":"markdown","optional":true},"templates":{"type":["list",["object",{"description":"string","id":"string","name":"string","os_family":"string","permalink":"string","template_version":"number","universal":"bool"}]],"description_kind":"plain","computed":true}},"description_kind":"plain"}},"katapult_ip":{"version":0,"block":{"attributes":{"address":{"type":"string","description_kind":"plain","optional":true,"computed":true},"address_with_mask":{"type":"string","description_kind":"plain","computed":true},"allocation_id":{"type":"string","description_kind":"plain","computed":true},"allocation_type":{"type":"string","description_kind":"plain","computed":true},"id":{"type":"string","description_kind":"plain","optional":true},"label":{"type":"string","description":"VIP label.","description_kind":"markdown","computed":true},"network_id":{"type":"string","description_kind":"plain","computed":true},"reverse_dns":{"type":"string","description_kind":"plain","computed":true},"version":{"type":"number","description":"IPv4 or IPv6.","description_kind":"markdown","computed":true},"vip":{"type":"bool","description_kind":"plain","computed":true}},"description_kind":"plain"}},"katapult_network_speed_profile":{"version":0,"block":{"attributes":{"download_speed":{"type":"number","description":"Download speed in Mbit. A  value of `0` means unrestricted.","description_kind":"markdown","computed":true},"id":{"type":"string","description_kind":"plain","optional":true,"computed":true},"name":{"type":"string","description_kind":"plain","computed":true},"permalink":{"type":"string","description_kind":"plain","optional":true,"computed":true},"upload_speed":{"type":"number","description":"Upload speed in Mbit. A value of `0` means unrestricted.","description_kind":"markdown","computed":true}},"description_kind":"plain"}},"katapult_network_speed_profiles":{"version":0,"block":{"attributes":{"id":{"type":"string","description":"Always set to provider organization value.","description_kind":"markdown","computed":true},"profiles":{"type":["list",["object",{"download_speed":"number","id":"string","name":"string","permalink":"string","upload_speed":"number"}]],"description_kind":"plain","computed":true}},"description_kind":"plain"}},"katapult_virtual_machine":{"version":0,"block":{"attributes":{"description":{"type":"string","description_kind":"plain","computed":true},"disk_template":{"type":"string","description":"Permalink or ID of a Disk Template.","description_kind":"markdown","computed":true},"disk_template_options":{"type":["map","string"],"description_kind":"plain","computed":true},"fqdn":{"type":"string","description_kind":"plain","optional":true,"computed":true},"group_id":{"type":"string","description_kind":"plain","computed":true},"hostname":{"type":"string","description_kind":"plain","computed":true},"id":{"type":"string","description_kind":"plain","optional":true},"ip_address_ids":{"type":["set","string"],"description":"One or more IP IDs.","description_kind":"markdown","computed":true},"ip_addresses":{"type":["set","string"],"description_kind":"plain","computed":true},"name":{"type":"string","description_kind":"plain","computed":true},"network_speed_profile":{"type":"string","description":"Permalink of a Network Speed Profile.","description_kind":"markdown","computed":true},"package":{"type":"string","description":"Permalink or ID of a Virtual Machine Package.","description_kind":"markdown","computed":true},"state":{"type":"string","description_kind":"plain","computed":true},"tags":{"type":["set","string"],"description_kind":"plain","computed":true}},"description_kind":"plain"}},"katapult_virtual_machine_group":{"version":0,"block":{"attributes":{"id":{"type":"string","description_kind":"plain","required":true},"name":{"type":"string","description_kind":"plain","computed":true},"segregate":{"type":"bool","description_kind":"plain","computed":true}},"description_kind":"plain"}},"katapult_virtual_machine_groups":{"version":0,"block":{"attributes":{"groups":{"type":["list",["object",{"id":"string","name":"string","segregate":"bool"}]],"description_kind":"plain","computed":true},"id":{"type":"string","description":"Always set to provider organization value.","description_kind":"markdown","computed":true}},"description_kind":"plain"}},"katapult_virtual_machine_package":{"version":0,"block":{"attributes":{"cpu_cores":{"type":"number","description":"Number of CPU cores.","description_kind":"markdown","computed":true},"id":{"type":"string","description_kind":"plain","optional":true,"computed":true},"ipv4_addresses":{"type":"number","description":"Number of included IPv4 addresses.","description_kind":"markdown","computed":true},"memory_in_gb":{"type":"number","description":"Memory in GB.","description_kind":"markdown","computed":true},"name":{"type":"string","description_kind":"plain","computed":true},"permalink":{"type":"string","description_kind":"plain","optional":true,"computed":true},"privacy":{"type":"string","description_kind":"plain","computed":true},"storage_in_gb":{"type":"number","description":"Storage in GB.","description_kind":"markdown","computed":true}},"description":"Fetch details of a single Virtual Machine Package using package `id` or `permalink`.","description_kind":"markdown"}},"katapult_virtual_machine_packages":{"version":0,"block":{"attributes":{"id":{"type":"string","description":"Always set to `all`.","description_kind":"markdown","computed":true},"packages":{"type":["list",["object",{"cpu_cores":"number","id":"string","ipv4_addresses":"number","memory_in_gb":"number","name":"string","permalink":"string","privacy":"string","storage_in_gb":"number"}]],"description_kind":"plain","computed":true}},"description":"Fetch details of all Virtual Machine Packages","description_kind":"markdown"}}}}}}
