{"format_version":"0.2","provider_schemas":{"registry.terraform.io/kubermatic/kubermatic":{"provider":{"version":0,"block":{"attributes":{"debug":{"type":"bool","description":"Run debug mode.","description_kind":"plain","optional":true},"development":{"type":"bool","description":"Run development mode.","description_kind":"plain","optional":true},"host":{"type":"string","description":"The hostname of Kubermatic API (in form of URI)","description_kind":"plain","optional":true},"log_path":{"type":"string","description":"Path to store logs","description_kind":"plain","optional":true},"token":{"type":"string","description":"Authentication token","description_kind":"plain","optional":true},"token_path":{"type":"string","description":"Path to the Kubermatic authentication token, defaults to ~/.kubermatic/auth","description_kind":"plain","optional":true}},"description_kind":"plain"}},"resource_schemas":{"kubermatic_cluster":{"version":0,"block":{"attributes":{"creation_timestamp":{"type":"string","description":"Creation timestamp","description_kind":"plain","computed":true},"credential":{"type":"string","description":"Cluster access credential","description_kind":"plain","optional":true},"dc_name":{"type":"string","description":"Data center name","description_kind":"plain","required":true},"deletion_timestamp":{"type":"string","description":"Deletion timestamp","description_kind":"plain","computed":true},"id":{"type":"string","description_kind":"plain","optional":true,"computed":true},"labels":{"type":["map","string"],"description":"Labels added to cluster","description_kind":"plain","optional":true},"name":{"type":"string","description":"Cluster name","description_kind":"plain","required":true},"project_id":{"type":"string","description":"Reference project identifier","description_kind":"plain","required":true},"sshkeys":{"type":["set","string"],"description":"SSH keys attached to nodes","description_kind":"plain","optional":true},"type":{"type":"string","description":"Cloud orchestrator, either Kubernetes or OpenShift","description_kind":"plain","optional":true}},"block_types":{"spec":{"nesting_mode":"list","block":{"attributes":{"audit_logging":{"type":"bool","description":"Whether to enable audit logging or not","description_kind":"plain","optional":true},"enable_user_ssh_key_agent":{"type":"bool","description":"Enable user ssh key Agent","description_kind":"plain","optional":true},"use_pod_node_selector_admission_plugin":{"type":"bool","description_kind":"plain","optional":true},"use_pod_security_policy_admission_plugin":{"type":"bool","description_kind":"plain","optional":true},"version":{"type":"string","description":"Cloud orchestrator version, either Kubernetes or OpenShift","description_kind":"plain","required":true}},"block_types":{"cloud":{"nesting_mode":"list","block":{"block_types":{"aws":{"nesting_mode":"list","block":{"attributes":{"access_key_id":{"type":"string","description":"Access key identifier","description_kind":"plain","required":true,"sensitive":true},"instance_profile_name":{"type":"string","description":"Instance profile name","description_kind":"plain","optional":true},"role_arn":{"type":"string","description":"The IAM role the control plane will use over assume-role","description_kind":"plain","optional":true},"route_table_id":{"type":"string","description":"Route table identifier","description_kind":"plain","optional":true},"secret_access_key":{"type":"string","description":"Secret access key","description_kind":"plain","required":true,"sensitive":true},"security_group_id":{"type":"string","description":"Security group identifier","description_kind":"plain","optional":true},"vpc_id":{"type":"string","description":"Virtual private cloud identifier","description_kind":"plain","optional":true}},"description_kind":"plain"},"max_items":1},"azure":{"nesting_mode":"list","block":{"attributes":{"availability_set":{"type":"string","description_kind":"plain","optional":true},"client_id":{"type":"string","description_kind":"plain","required":true},"client_secret":{"type":"string","description_kind":"plain","required":true,"sensitive":true},"resource_group":{"type":"string","description_kind":"plain","optional":true,"computed":true},"route_table":{"type":"string","description_kind":"plain","optional":true,"computed":true},"security_group":{"type":"string","description_kind":"plain","optional":true,"computed":true},"subnet":{"type":"string","description_kind":"plain","optional":true,"computed":true},"subscription_id":{"type":"string","description_kind":"plain","required":true},"tenant_id":{"type":"string","description_kind":"plain","required":true},"vnet":{"type":"string","description_kind":"plain","optional":true,"computed":true}},"description_kind":"plain"}},"bringyourown":{"nesting_mode":"list","block":{"description_kind":"plain"},"max_items":1},"openstack":{"nesting_mode":"list","block":{"attributes":{"floating_ip_pool":{"type":"string","description_kind":"plain","required":true},"network":{"type":"string","description_kind":"plain","computed":true},"password":{"type":"string","description_kind":"plain","optional":true,"sensitive":true},"router_id":{"type":"string","description_kind":"plain","computed":true},"security_groups":{"type":"string","description_kind":"plain","computed":true},"subnet_id":{"type":"string","description_kind":"plain","computed":true},"tenant":{"type":"string","description_kind":"plain","optional":true},"username":{"type":"string","description_kind":"plain","optional":true,"sensitive":true}},"description_kind":"plain"},"max_items":1}},"description_kind":"plain"},"min_items":1,"max_items":1},"machine_networks":{"nesting_mode":"list","block":{"attributes":{"cidr":{"type":"string","description":"Network CIDR","description_kind":"plain","optional":true},"dns_servers":{"type":["set","string"],"description":"DNS servers","description_kind":"plain","optional":true},"gateway":{"type":"string","description":"Network gateway","description_kind":"plain","optional":true}},"description_kind":"plain"}},"mla":{"nesting_mode":"list","block":{"attributes":{"logging_enabled":{"type":"bool","description_kind":"plain","optional":true},"monitoring_enabled":{"type":"bool","description_kind":"plain","optional":true}},"description_kind":"plain"}},"opa_integration":{"nesting_mode":"list","block":{"attributes":{"enabled":{"type":"bool","description_kind":"plain","optional":true},"webhook_timeout_seconds":{"type":"number","description_kind":"plain","optional":true}},"description_kind":"plain"}}},"description_kind":"plain"},"min_items":1,"max_items":1}},"description_kind":"plain"}},"kubermatic_node_deployment":{"version":0,"block":{"attributes":{"cluster_id":{"type":"string","description":"Cluster identifier","description_kind":"plain","required":true},"creation_timestamp":{"type":"string","description":"Creation timestamp","description_kind":"plain","computed":true},"dc_name":{"type":"string","description":"Data center name","description_kind":"plain","required":true},"deletion_timestamp":{"type":"string","description":"Deletion timestamp","description_kind":"plain","computed":true},"id":{"type":"string","description_kind":"plain","optional":true,"computed":true},"name":{"type":"string","description":"Node deployment name","description_kind":"plain","required":true},"project_id":{"type":"string","description":"Reference project identifier","description_kind":"plain","required":true}},"block_types":{"spec":{"nesting_mode":"list","block":{"attributes":{"dynamic_config":{"type":"bool","description":"Use kubermatic dynamic config","description_kind":"plain","optional":true},"replicas":{"type":"number","description":"Number of replicas","description_kind":"plain","optional":true}},"block_types":{"template":{"nesting_mode":"list","block":{"attributes":{"labels":{"type":["map","string"],"description":"Map of string keys and values that can be used to organize and categorize (scope and select) objects. It will be applied to Nodes allowing users run their apps on specific Node using labelSelector.","description_kind":"plain","optional":true,"computed":true}},"block_types":{"cloud":{"nesting_mode":"list","block":{"attributes":{"bringyourown":{"type":["map","string"],"description":"Bring your own infrastructure","description_kind":"plain","optional":true}},"block_types":{"aws":{"nesting_mode":"list","block":{"attributes":{"ami":{"type":"string","description":"Amazon Machine Image to use. Will be defaulted to an AMI of your selected operating system and region","description_kind":"plain","optional":true},"assign_public_ip":{"type":"bool","description":"Flag which controls a property of the AWS instance. When set the AWS instance will get a public IP address assigned during launch overriding a possible setting in the used AWS subnet.","description_kind":"plain","optional":true},"availability_zone":{"type":"string","description":"Availability zone in which to place the node. It is coupled with the subnet to which the node will belong","description_kind":"plain","required":true},"disk_size":{"type":"number","description":"Size of the volume in GBs. Only one volume will be created","description_kind":"plain","required":true},"instance_type":{"type":"string","description":"EC2 instance type","description_kind":"plain","required":true},"subnet_id":{"type":"string","description":"The VPC subnet to which the node shall be connected","description_kind":"plain","required":true},"tags":{"type":["map","string"],"description":"Additional instance tags","description_kind":"plain","optional":true,"computed":true},"volume_type":{"type":"string","description":"EBS volume type","description_kind":"plain","required":true}},"description_kind":"plain"},"max_items":1},"azure":{"nesting_mode":"list","block":{"attributes":{"assign_public_ip":{"type":"bool","description":"whether to have public facing IP or not","description_kind":"plain","optional":true},"disk_size_gb":{"type":"number","description":"Data disk size in GB","description_kind":"plain","optional":true},"image_id":{"type":"string","description":"Node image id","description_kind":"plain","optional":true},"os_disk_size_gb":{"type":"number","description":"OS disk size in GB","description_kind":"plain","optional":true},"size":{"type":"string","description":"VM size","description_kind":"plain","required":true},"tags":{"type":["map","string"],"description":"Additional metadata to set","description_kind":"plain","optional":true,"computed":true},"zones":{"type":["list","string"],"description":"Represents the availablity zones for azure vms","description_kind":"plain","optional":true,"computed":true}},"description_kind":"plain"},"max_items":1},"openstack":{"nesting_mode":"list","block":{"attributes":{"availability_zone":{"type":"string","description":"Availability zone of Openstack.","description_kind":"plain","optional":true},"disk_size":{"type":"number","description":"If set, the rootDisk will be a volume. If not, the rootDisk will be on ephemeral storage and its size will be derived from the flavor","description_kind":"plain","optional":true},"flavor":{"type":"string","description":"Instante type","description_kind":"plain","required":true},"image":{"type":"string","description":"Image to use","description_kind":"plain","required":true},"instance_ready_check_period":{"type":"string","description":"Ready check period. (e.g. '5s')","description_kind":"plain","optional":true},"instance_ready_check_timeout":{"type":"string","description":"Ready check period. (e.g. '120s')","description_kind":"plain","optional":true},"tags":{"type":["map","string"],"description":"Additional instance tags","description_kind":"plain","optional":true,"computed":true},"use_floating_ip":{"type":"bool","description":"Indicate use of floating ip in case of floating_ip_pool presense","description_kind":"plain","computed":true}},"description_kind":"plain"},"max_items":1}},"description_kind":"plain"},"min_items":1,"max_items":1},"operating_system":{"nesting_mode":"list","block":{"block_types":{"centos":{"nesting_mode":"list","block":{"attributes":{"dist_upgrade_on_boot":{"type":"bool","description":"Upgrade operating system on boot","description_kind":"plain","optional":true}},"description_kind":"plain"},"max_items":1},"flatcar":{"nesting_mode":"list","block":{"attributes":{"disable_auto_update":{"type":"bool","description":"Disable auto update.","description_kind":"plain","optional":true}},"description_kind":"plain"},"max_items":1},"ubuntu":{"nesting_mode":"list","block":{"attributes":{"dist_upgrade_on_boot":{"type":"bool","description":"Upgrade operating system on boot","description_kind":"plain","optional":true}},"description_kind":"plain"},"max_items":1}},"description_kind":"plain"},"min_items":1,"max_items":1},"taints":{"nesting_mode":"list","block":{"attributes":{"effect":{"type":"string","description":"Taint effect","description_kind":"plain","required":true},"key":{"type":"string","description":"Taint key","description_kind":"plain","required":true},"value":{"type":"string","description":"Taint value","description_kind":"plain","required":true}},"description_kind":"plain"}},"versions":{"nesting_mode":"list","block":{"attributes":{"kubelet":{"type":"string","description":"Kubelet version","description_kind":"plain","optional":true,"computed":true}},"description_kind":"plain"},"max_items":1}},"description_kind":"plain"},"min_items":1,"max_items":1}},"description_kind":"plain"},"min_items":1,"max_items":1}},"description_kind":"plain"}},"kubermatic_project":{"version":0,"block":{"attributes":{"creation_timestamp":{"type":"string","description":"Creation timestamp","description_kind":"plain","computed":true},"deletion_timestamp":{"type":"string","description":"Deletion timestamp","description_kind":"plain","computed":true},"id":{"type":"string","description_kind":"plain","optional":true,"computed":true},"labels":{"type":["map","string"],"description":"Project labels","description_kind":"plain","optional":true},"name":{"type":"string","description":"Project name","description_kind":"plain","required":true},"status":{"type":"string","description":"Status represents the current state of the project","description_kind":"plain","computed":true}},"block_types":{"user":{"nesting_mode":"set","block":{"attributes":{"email":{"type":"string","description":"User's email address","description_kind":"plain","required":true},"group":{"type":"string","description":"User's role in the project","description_kind":"plain","required":true}},"description_kind":"plain"}}},"description_kind":"plain"}},"kubermatic_service_account":{"version":0,"block":{"attributes":{"group":{"type":"string","description":"Service account's role in the project","description_kind":"plain","required":true},"id":{"type":"string","description_kind":"plain","optional":true,"computed":true},"name":{"type":"string","description":"Service account's name","description_kind":"plain","required":true},"project_id":{"type":"string","description":"Reference project identifier","description_kind":"plain","required":true}},"description_kind":"plain"}},"kubermatic_service_account_token":{"version":0,"block":{"attributes":{"creation_timestamp":{"type":"string","description":"Creation timestamp","description_kind":"plain","computed":true},"expiry":{"type":"string","description":"Expiration timestamp","description_kind":"plain","computed":true},"id":{"type":"string","description_kind":"plain","optional":true,"computed":true},"name":{"type":"string","description":"Resource name","description_kind":"plain","required":true},"service_account_id":{"type":"string","description":"Service account full identifier of format project_id:service_account_id","description_kind":"plain","required":true},"token":{"type":"string","description":"Token value","description_kind":"plain","computed":true,"sensitive":true}},"description_kind":"plain"}},"kubermatic_sshkey":{"version":0,"block":{"attributes":{"id":{"type":"string","description_kind":"plain","optional":true,"computed":true},"name":{"type":"string","description_kind":"plain","required":true},"project_id":{"type":"string","description_kind":"plain","required":true},"public_key":{"type":"string","description_kind":"plain","required":true}},"description_kind":"plain"}}},"data_source_schemas":{"kubermatic_cluster":{"version":0,"block":{"attributes":{"cluster_id":{"type":"string","description":"Reference cluster identifier","description_kind":"plain","required":true},"creation_timestamp":{"type":"string","description":"Creation timestamp","description_kind":"plain","computed":true},"credential":{"type":"string","description":"Cluster access credential","description_kind":"plain","computed":true},"dc_name":{"type":"string","description":"Data center name","description_kind":"plain","computed":true},"deletion_timestamp":{"type":"string","description":"Deletion timestamp","description_kind":"plain","computed":true},"id":{"type":"string","description_kind":"plain","optional":true,"computed":true},"labels":{"type":["map","string"],"description":"Labels added to cluster","description_kind":"plain","computed":true},"name":{"type":"string","description":"Cluster name","description_kind":"plain","computed":true},"project_id":{"type":"string","description":"Reference project identifier","description_kind":"plain","required":true},"spec":{"type":["list",["object",{"audit_logging":"bool","cloud":["list",["object",{"aws":["list",["object",{"access_key_id":"string","instance_profile_name":"string","role_arn":"string","route_table_id":"string","secret_access_key":"string","security_group_id":"string","vpc_id":"string"}]],"azure":["list",["object",{"availability_set":"string","client_id":"string","client_secret":"string","resource_group":"string","route_table":"string","security_group":"string","subnet":"string","subscription_id":"string","tenant_id":"string","vnet":"string"}]],"bringyourown":["list",["object",{}]],"openstack":["list",["object",{"floating_ip_pool":"string","network":"string","password":"string","router_id":"string","security_groups":"string","subnet_id":"string","tenant":"string","username":"string"}]]}]],"enable_user_ssh_key_agent":"bool","machine_networks":["list",["object",{"cidr":"string","dns_servers":["set","string"],"gateway":"string"}]],"mla":["list",["object",{"logging_enabled":"bool","monitoring_enabled":"bool"}]],"opa_integration":["list",["object",{"enabled":"bool","webhook_timeout_seconds":"number"}]],"use_pod_node_selector_admission_plugin":"bool","use_pod_security_policy_admission_plugin":"bool","version":"string"}]],"description":"Cluster specification","description_kind":"plain","computed":true},"type":{"type":"string","description":"Cloud orchestrator, either Kubernetes or OpenShift","description_kind":"plain","computed":true}},"description_kind":"plain"}},"kubermatic_cluster_kubeconfig":{"version":0,"block":{"attributes":{"cluster_id":{"type":"string","description":"Reference cluster identifier","description_kind":"plain","required":true},"id":{"type":"string","description_kind":"plain","optional":true,"computed":true},"kubeconfig":{"type":"string","description":"Kubeconfig of the given cluster.","description_kind":"plain","computed":true},"project_id":{"type":"string","description":"Reference project identifier","description_kind":"plain","required":true}},"description_kind":"plain"}},"kubermatic_node_deployment":{"version":0,"block":{"attributes":{"cluster_id":{"type":"string","description":"Reference cluster identifier","description_kind":"plain","required":true},"creation_timestamp":{"type":"string","description":"Creation timestamp of the node deployment","description_kind":"plain","computed":true},"dc_name":{"type":"string","description":"Data center name","description_kind":"plain","required":true},"deletion_timestamp":{"type":"string","description":"Deletion timestamp of the node deployment","description_kind":"plain","computed":true},"id":{"type":"string","description":"ID/Name of the node deployment","description_kind":"plain","required":true},"name":{"type":"string","description":"Name of the node deployment","description_kind":"plain","computed":true},"project_id":{"type":"string","description":"Reference project identifier","description_kind":"plain","required":true},"spec":{"type":["list",["object",{"dynamic_config":"bool","replicas":"number","template":["list",["object",{"cloud":["list",["object",{"aws":["list",["object",{"ami":"string","assign_public_ip":"bool","availability_zone":"string","disk_size":"number","instance_type":"string","subnet_id":"string","tags":["map","string"],"volume_type":"string"}]],"azure":["list",["object",{"assign_public_ip":"bool","disk_size_gb":"number","image_id":"string","os_disk_size_gb":"number","size":"string","tags":["map","string"],"zones":["list","string"]}]],"bringyourown":["map","string"],"openstack":["list",["object",{"availability_zone":"string","disk_size":"number","flavor":"string","image":"string","instance_ready_check_period":"string","instance_ready_check_timeout":"string","tags":["map","string"],"use_floating_ip":"bool"}]]}]],"labels":["map","string"],"operating_system":["list",["object",{"centos":["list",["object",{"dist_upgrade_on_boot":"bool"}]],"flatcar":["list",["object",{"disable_auto_update":"bool"}]],"ubuntu":["list",["object",{"dist_upgrade_on_boot":"bool"}]]}]],"taints":["list",["object",{"effect":"string","key":"string","value":"string"}]],"versions":["list",["object",{"kubelet":"string"}]]}]]}]],"description":"Node deployment specification","description_kind":"plain","computed":true}},"description_kind":"plain"}},"kubermatic_project":{"version":0,"block":{"attributes":{"creation_timestamp":{"type":"string","description":"Creation timestamp","description_kind":"plain","computed":true},"deletion_timestamp":{"type":"string","description":"Deletion timestamp","description_kind":"plain","computed":true},"id":{"type":"string","description":"Project id","description_kind":"plain","optional":true},"labels":{"type":["map","string"],"description":"Project labels","description_kind":"plain","computed":true},"name":{"type":"string","description":"Project name","description_kind":"plain","optional":true},"status":{"type":"string","description":"Status represents the current state of the project","description_kind":"plain","computed":true},"user":{"type":["set",["object",{"email":"string","group":"string"}]],"description":"Project user","description_kind":"plain","computed":true}},"description_kind":"plain"}},"kubermatic_sshkey":{"version":0,"block":{"attributes":{"id":{"type":"string","description_kind":"plain","computed":true},"name":{"type":"string","description_kind":"plain","required":true},"project_id":{"type":"string","description_kind":"plain","required":true},"public_key":{"type":"string","description_kind":"plain","computed":true}},"description_kind":"plain"}}}}}}
