{"format_version":"0.2","provider_schemas":{"registry.terraform.io/kunalp-gohire/outreach":{"provider":{"version":0,"block":{"attributes":{"acc_token":{"type":"string","description_kind":"plain","optional":true},"client_id":{"type":"string","description_kind":"plain","optional":true},"client_secret":{"type":"string","description_kind":"plain","optional":true},"redirect_url":{"type":"string","description_kind":"plain","optional":true},"refresh_token":{"type":"string","description_kind":"plain","optional":true}},"description_kind":"plain"}},"resource_schemas":{"outreach_resource_user":{"version":0,"block":{"attributes":{"email":{"type":"string","description_kind":"plain","required":true},"firstname":{"type":"string","description_kind":"plain","required":true},"id":{"type":"string","description_kind":"plain","optional":true,"computed":true},"lastname":{"type":"string","description_kind":"plain","required":true},"locked":{"type":"bool","description_kind":"plain","optional":true},"phonenumber":{"type":"string","description_kind":"plain","optional":true},"title":{"type":"string","description_kind":"plain","optional":true},"uid":{"type":"number","description_kind":"plain","computed":true},"username":{"type":"string","description_kind":"plain","computed":true}},"description_kind":"plain"}}},"data_source_schemas":{"outreach_users":{"version":0,"block":{"attributes":{"email":{"type":"string","description_kind":"plain","optional":true},"firstname":{"type":"string","description_kind":"plain","computed":true},"id":{"type":"number","description_kind":"plain","required":true},"lastname":{"type":"string","description_kind":"plain","computed":true},"locked":{"type":"bool","description_kind":"plain","computed":true},"phonenumber":{"type":"string","description_kind":"plain","computed":true},"title":{"type":"string","description_kind":"plain","computed":true},"username":{"type":"string","description_kind":"plain","computed":true}},"description_kind":"plain"}}}}}}
