{"format_version":"0.2","provider_schemas":{"registry.terraform.io/kvrhdn/honeycombio":{"provider":{"version":0,"block":{"attributes":{"api_key":{"type":"string","description_kind":"plain","required":true,"sensitive":true},"api_url":{"type":"string","description_kind":"plain","optional":true},"debug":{"type":"bool","description_kind":"plain","optional":true}},"description_kind":"plain"}},"resource_schemas":{"honeycombio_board":{"version":0,"block":{"attributes":{"description":{"type":"string","description_kind":"plain","optional":true},"id":{"type":"string","description_kind":"plain","optional":true,"computed":true},"name":{"type":"string","description_kind":"plain","required":true},"style":{"type":"string","description_kind":"plain","optional":true}},"block_types":{"query":{"nesting_mode":"list","block":{"attributes":{"caption":{"type":"string","description_kind":"plain","optional":true},"dataset":{"type":"string","description_kind":"plain","required":true},"query_json":{"type":"string","description_kind":"plain","required":true},"query_style":{"type":"string","description_kind":"plain","optional":true,"computed":true}},"description_kind":"plain"}}},"description_kind":"plain"}},"honeycombio_column":{"version":0,"block":{"attributes":{"dataset":{"type":"string","description_kind":"plain","required":true},"description":{"type":"string","description_kind":"plain","optional":true},"hidden":{"type":"bool","description_kind":"plain","optional":true},"id":{"type":"string","description_kind":"plain","optional":true,"computed":true},"key_name":{"type":"string","description_kind":"plain","required":true},"type":{"type":"string","description_kind":"plain","optional":true}},"description_kind":"plain"}},"honeycombio_dataset":{"version":0,"block":{"attributes":{"id":{"type":"string","description_kind":"plain","optional":true,"computed":true},"name":{"type":"string","description_kind":"plain","required":true},"slug":{"type":"string","description_kind":"plain","computed":true}},"description_kind":"plain"}},"honeycombio_derived_column":{"version":0,"block":{"attributes":{"alias":{"type":"string","description_kind":"plain","required":true},"dataset":{"type":"string","description_kind":"plain","required":true},"description":{"type":"string","description_kind":"plain","optional":true},"expression":{"type":"string","description_kind":"plain","required":true},"id":{"type":"string","description_kind":"plain","optional":true,"computed":true}},"description_kind":"plain"}},"honeycombio_marker":{"version":0,"block":{"attributes":{"dataset":{"type":"string","description_kind":"plain","required":true},"id":{"type":"string","description_kind":"plain","optional":true,"computed":true},"message":{"type":"string","description_kind":"plain","optional":true},"type":{"type":"string","description_kind":"plain","optional":true},"url":{"type":"string","description_kind":"plain","optional":true}},"description_kind":"plain"}},"honeycombio_query":{"version":0,"block":{"attributes":{"dataset":{"type":"string","description_kind":"plain","required":true},"id":{"type":"string","description_kind":"plain","optional":true,"computed":true},"query_json":{"type":"string","description_kind":"plain","required":true}},"description_kind":"plain"}},"honeycombio_query_annotation":{"version":0,"block":{"attributes":{"dataset":{"type":"string","description_kind":"plain","required":true},"description":{"type":"string","description_kind":"plain","optional":true},"id":{"type":"string","description_kind":"plain","optional":true,"computed":true},"name":{"type":"string","description_kind":"plain","required":true},"query_id":{"type":"string","description_kind":"plain","required":true}},"description_kind":"plain"}},"honeycombio_trigger":{"version":0,"block":{"attributes":{"dataset":{"type":"string","description_kind":"plain","required":true},"description":{"type":"string","description_kind":"plain","optional":true},"disabled":{"type":"bool","description_kind":"plain","optional":true},"frequency":{"type":"number","description_kind":"plain","optional":true,"computed":true},"id":{"type":"string","description_kind":"plain","optional":true,"computed":true},"name":{"type":"string","description_kind":"plain","required":true},"query_json":{"type":"string","description_kind":"plain","required":true}},"block_types":{"recipient":{"nesting_mode":"list","block":{"attributes":{"id":{"type":"string","description_kind":"plain","optional":true,"computed":true},"target":{"type":"string","description_kind":"plain","optional":true,"computed":true},"type":{"type":"string","description_kind":"plain","optional":true,"computed":true}},"description_kind":"plain"}},"threshold":{"nesting_mode":"list","block":{"attributes":{"op":{"type":"string","description_kind":"plain","required":true},"value":{"type":"number","description_kind":"plain","required":true}},"description_kind":"plain"},"min_items":1,"max_items":1}},"description_kind":"plain"}}},"data_source_schemas":{"honeycombio_datasets":{"version":0,"block":{"attributes":{"id":{"type":"string","description_kind":"plain","optional":true,"computed":true},"names":{"type":["list","string"],"description_kind":"plain","computed":true},"slugs":{"type":["list","string"],"description_kind":"plain","computed":true},"starts_with":{"type":"string","description_kind":"plain","optional":true}},"description_kind":"plain"}},"honeycombio_query":{"version":0,"block":{"attributes":{"breakdowns":{"type":["list","string"],"description_kind":"plain","optional":true},"end_time":{"type":"number","description_kind":"plain","optional":true},"filter_combination":{"type":"string","description_kind":"plain","optional":true},"granularity":{"type":"number","description_kind":"plain","optional":true},"id":{"type":"string","description_kind":"plain","optional":true,"computed":true},"json":{"type":"string","description_kind":"plain","computed":true},"limit":{"type":"number","description_kind":"plain","optional":true},"start_time":{"type":"number","description_kind":"plain","optional":true},"time_range":{"type":"number","description_kind":"plain","optional":true}},"block_types":{"calculation":{"nesting_mode":"list","block":{"attributes":{"column":{"type":"string","description_kind":"plain","optional":true},"op":{"type":"string","description_kind":"plain","required":true}},"description_kind":"plain"}},"filter":{"nesting_mode":"list","block":{"attributes":{"column":{"type":"string","description_kind":"plain","required":true},"op":{"type":"string","description_kind":"plain","required":true},"value":{"type":"string","description":"Deprecated: use the explicitly typed `value_string` instead. This variant will break queries when used with non-string columns. Mutually exclusive with the other `value_*` options.","description_kind":"markdown","deprecated":true,"optional":true},"value_boolean":{"type":"bool","description":"The value used for the filter when the column is a boolean. Mutually exclusive with `value` and the other `value_*` options","description_kind":"markdown","optional":true},"value_float":{"type":"number","description":"The value used for the filter when the column is a float. Mutually exclusive with `value` and the other `value_*` options","description_kind":"markdown","optional":true},"value_integer":{"type":"number","description":"The value used for the filter when the column is an integer. Mutually exclusive with `value` and the other `value_*` options","description_kind":"markdown","optional":true},"value_string":{"type":"string","description":"The value used for the filter when the column is a string. Mutually exclusive with `value` and the other `value_*` options","description_kind":"markdown","optional":true}},"description_kind":"plain"}},"order":{"nesting_mode":"list","block":{"attributes":{"column":{"type":"string","description_kind":"plain","optional":true},"op":{"type":"string","description_kind":"plain","optional":true},"order":{"type":"string","description_kind":"plain","optional":true}},"description_kind":"plain"}}},"description_kind":"plain"}},"honeycombio_trigger_recipient":{"version":0,"block":{"attributes":{"dataset":{"type":"string","description_kind":"plain","required":true},"id":{"type":"string","description_kind":"plain","optional":true,"computed":true},"target":{"type":"string","description_kind":"plain","optional":true},"type":{"type":"string","description_kind":"plain","required":true}},"description_kind":"plain"}}}}}}
