{"format_version":"0.2","provider_schemas":{"registry.terraform.io/kyma-incubator/kind":{"provider":{"version":0,"block":{"description_kind":"plain"}},"resource_schemas":{"kind_cluster":{"version":0,"block":{"attributes":{"client_certificate":{"type":"string","description":"Client certificate for authenticating to cluster.","description_kind":"plain","computed":true},"client_key":{"type":"string","description":"Client key for authenticating to cluster.","description_kind":"plain","computed":true},"cluster_ca_certificate":{"type":"string","description":"Client verifies the server certificate with this CA cert.","description_kind":"plain","computed":true},"endpoint":{"type":"string","description":"Kubernetes APIServer endpoint.","description_kind":"plain","computed":true},"id":{"type":"string","description_kind":"plain","optional":true,"computed":true},"kubeconfig":{"type":"string","description":"Kubeconfig set after the the cluster is created.","description_kind":"plain","computed":true},"kubeconfig_path":{"type":"string","description":"Kubeconfig path set after the the cluster is created or by the user to override defaults.","description_kind":"plain","optional":true,"computed":true},"name":{"type":"string","description":"The kind name that is given to the created cluster.","description_kind":"plain","required":true},"node_image":{"type":"string","description":"The node_image that kind will use (ex: kindest/node:v1.15.3).","description_kind":"plain","optional":true,"computed":true},"wait_for_ready":{"type":"bool","description":"Defines wether or not the provider will wait for the control plane to be ready. Defaults to false","description_kind":"plain","optional":true}},"block_types":{"kind_config":{"nesting_mode":"list","block":{"attributes":{"api_version":{"type":"string","description_kind":"plain","required":true},"containerd_config_patches":{"type":["list","string"],"description_kind":"plain","optional":true},"kind":{"type":"string","description_kind":"plain","required":true}},"block_types":{"networking":{"nesting_mode":"list","block":{"attributes":{"api_server_address":{"type":"string","description":"WARNING: It is _strongly_ recommended that you keep this the default (127.0.0.1) for security reasons. However it is possible to change this.","description_kind":"plain","optional":true},"api_server_port":{"type":"number","description":"By default the API server listens on a random open port. You may choose a specific port but probably don't need to in most cases. Using a random port makes it easier to spin up multiple clusters.","description_kind":"plain","optional":true},"disable_default_cni":{"type":"bool","description_kind":"plain","optional":true},"ip_family":{"type":"string","description_kind":"plain","optional":true},"kube_proxy_mode":{"type":"string","description_kind":"plain","optional":true},"pod_subnet":{"type":"string","description_kind":"plain","optional":true},"service_subnet":{"type":"string","description_kind":"plain","optional":true}},"description_kind":"plain"},"max_items":1},"node":{"nesting_mode":"list","block":{"attributes":{"image":{"type":"string","description_kind":"plain","optional":true},"kubeadm_config_patches":{"type":["list","string"],"description_kind":"plain","optional":true},"role":{"type":"string","description_kind":"plain","optional":true}},"block_types":{"extra_mounts":{"nesting_mode":"list","block":{"attributes":{"container_path":{"type":"string","description_kind":"plain","optional":true},"host_path":{"type":"string","description_kind":"plain","optional":true}},"description_kind":"plain"}},"extra_port_mappings":{"nesting_mode":"list","block":{"attributes":{"container_port":{"type":"number","description_kind":"plain","optional":true},"host_port":{"type":"number","description_kind":"plain","optional":true},"listen_address":{"type":"string","description":"optional: set the bind address on the host, 0.0.0.0 is the current default","description_kind":"plain","optional":true},"protocol":{"type":"string","description":"optional: set the protocol to one of TCP, UDP, SCTP. TCP is the default","description_kind":"plain","optional":true}},"description_kind":"plain"}}},"description_kind":"plain"}}},"description":"The kind_config that kind will use to bootstrap the cluster.","description_kind":"plain"},"max_items":1},"timeouts":{"nesting_mode":"single","block":{"attributes":{"create":{"type":"string","description_kind":"plain","optional":true},"delete":{"type":"string","description_kind":"plain","optional":true},"update":{"type":"string","description_kind":"plain","optional":true}},"description_kind":"plain"}}},"description_kind":"plain"}}}}}}
