{"format_version":"0.2","provider_schemas":{"registry.terraform.io/labd/contentful":{"provider":{"version":0,"block":{"attributes":{"cma_token":{"type":"string","description":"The Contentful Management API token","description_kind":"plain","required":true},"organization_id":{"type":"string","description":"The organization ID","description_kind":"plain","required":true}},"description_kind":"plain"}},"resource_schemas":{"contentful_apikey":{"version":0,"block":{"attributes":{"access_token":{"type":"string","description_kind":"plain","computed":true},"description":{"type":"string","description_kind":"plain","optional":true},"id":{"type":"string","description_kind":"plain","optional":true,"computed":true},"name":{"type":"string","description_kind":"plain","required":true},"space_id":{"type":"string","description_kind":"plain","required":true},"version":{"type":"number","description_kind":"plain","computed":true}},"description_kind":"plain"}},"contentful_asset":{"version":0,"block":{"attributes":{"archived":{"type":"bool","description_kind":"plain","required":true},"asset_id":{"type":"string","description_kind":"plain","required":true},"id":{"type":"string","description_kind":"plain","optional":true,"computed":true},"locale":{"type":"string","description_kind":"plain","required":true},"published":{"type":"bool","description_kind":"plain","required":true},"space_id":{"type":"string","description_kind":"plain","required":true},"version":{"type":"number","description_kind":"plain","computed":true}},"block_types":{"fields":{"nesting_mode":"list","block":{"attributes":{"file":{"type":["map","string"],"description_kind":"plain","required":true}},"block_types":{"description":{"nesting_mode":"list","block":{"attributes":{"content":{"type":"string","description_kind":"plain","required":true},"locale":{"type":"string","description_kind":"plain","required":true}},"description_kind":"plain"},"min_items":1},"title":{"nesting_mode":"list","block":{"attributes":{"content":{"type":"string","description_kind":"plain","required":true},"locale":{"type":"string","description_kind":"plain","required":true}},"description_kind":"plain"},"min_items":1}},"description_kind":"plain"},"min_items":1}},"description_kind":"plain"}},"contentful_contenttype":{"version":0,"block":{"attributes":{"description":{"type":"string","description_kind":"plain","optional":true},"display_field":{"type":"string","description_kind":"plain","required":true},"id":{"type":"string","description_kind":"plain","optional":true,"computed":true},"name":{"type":"string","description_kind":"plain","required":true},"space_id":{"type":"string","description_kind":"plain","required":true},"version":{"type":"number","description_kind":"plain","computed":true}},"block_types":{"field":{"nesting_mode":"list","block":{"attributes":{"disabled":{"type":"bool","description_kind":"plain","optional":true},"id":{"type":"string","description_kind":"plain","required":true},"link_type":{"type":"string","description_kind":"plain","optional":true},"localized":{"type":"bool","description_kind":"plain","optional":true},"name":{"type":"string","description_kind":"plain","required":true},"omitted":{"type":"bool","description_kind":"plain","optional":true},"required":{"type":"bool","description_kind":"plain","optional":true},"type":{"type":"string","description_kind":"plain","required":true},"validations":{"type":["list","string"],"description_kind":"plain","optional":true}},"block_types":{"items":{"nesting_mode":"list","block":{"attributes":{"link_type":{"type":"string","description_kind":"plain","required":true},"type":{"type":"string","description_kind":"plain","required":true},"validations":{"type":["list","string"],"description_kind":"plain","optional":true}},"description_kind":"plain"},"max_items":1}},"description_kind":"plain"},"min_items":1}},"description_kind":"plain"}},"contentful_entry":{"version":0,"block":{"attributes":{"archived":{"type":"bool","description_kind":"plain","required":true},"contenttype_id":{"type":"string","description_kind":"plain","required":true},"entry_id":{"type":"string","description_kind":"plain","required":true},"id":{"type":"string","description_kind":"plain","optional":true,"computed":true},"locale":{"type":"string","description_kind":"plain","required":true},"published":{"type":"bool","description_kind":"plain","required":true},"space_id":{"type":"string","description_kind":"plain","required":true},"version":{"type":"number","description_kind":"plain","computed":true}},"block_types":{"field":{"nesting_mode":"list","block":{"attributes":{"content":{"type":"string","description_kind":"plain","required":true},"id":{"type":"string","description_kind":"plain","required":true},"locale":{"type":"string","description_kind":"plain","required":true}},"description_kind":"plain"},"min_items":1}},"description_kind":"plain"}},"contentful_environment":{"version":0,"block":{"attributes":{"id":{"type":"string","description_kind":"plain","optional":true,"computed":true},"name":{"type":"string","description_kind":"plain","required":true},"space_id":{"type":"string","description_kind":"plain","required":true},"version":{"type":"number","description_kind":"plain","computed":true}},"description_kind":"plain"}},"contentful_locale":{"version":0,"block":{"attributes":{"cda":{"type":"bool","description_kind":"plain","optional":true},"cma":{"type":"bool","description_kind":"plain","optional":true},"code":{"type":"string","description_kind":"plain","required":true},"fallback_code":{"type":"string","description_kind":"plain","optional":true},"id":{"type":"string","description_kind":"plain","optional":true,"computed":true},"name":{"type":"string","description_kind":"plain","required":true},"optional":{"type":"bool","description_kind":"plain","optional":true},"space_id":{"type":"string","description_kind":"plain","required":true},"version":{"type":"number","description_kind":"plain","computed":true}},"description_kind":"plain"}},"contentful_space":{"version":0,"block":{"attributes":{"default_locale":{"type":"string","description_kind":"plain","optional":true},"id":{"type":"string","description_kind":"plain","optional":true,"computed":true},"name":{"type":"string","description_kind":"plain","required":true},"version":{"type":"number","description_kind":"plain","computed":true}},"description_kind":"plain"}},"contentful_webhook":{"version":0,"block":{"attributes":{"headers":{"type":["map","string"],"description_kind":"plain","optional":true},"http_basic_auth_password":{"type":"string","description_kind":"plain","optional":true},"http_basic_auth_username":{"type":"string","description_kind":"plain","optional":true},"id":{"type":"string","description_kind":"plain","optional":true,"computed":true},"name":{"type":"string","description_kind":"plain","required":true},"space_id":{"type":"string","description_kind":"plain","required":true},"topics":{"type":["list","string"],"description_kind":"plain","required":true},"url":{"type":"string","description_kind":"plain","required":true},"version":{"type":"number","description_kind":"plain","computed":true}},"description_kind":"plain"}}}}}}
