{"format_version":"0.2","provider_schemas":{"registry.terraform.io/labd/commercetools":{"provider":{"version":0,"block":{"attributes":{"api_url":{"type":"string","description":"The API URL of the commercetools platform. https://docs.commercetools.com/http-api","description_kind":"plain","required":true},"client_id":{"type":"string","description":"The OAuth Client ID for a commercetools platform project. https://docs.commercetools.com/http-api-authorization","description_kind":"plain","required":true,"sensitive":true},"client_secret":{"type":"string","description":"The OAuth Client Secret for a commercetools platform project. https://docs.commercetools.com/http-api-authorization","description_kind":"plain","required":true,"sensitive":true},"project_key":{"type":"string","description":"The project key of commercetools platform project. https://docs.commercetools.com/getting-started","description_kind":"plain","required":true,"sensitive":true},"scopes":{"type":"string","description":"A list as string of OAuth scopes assigned to a project key, to access resources in a commercetools platform project. https://docs.commercetools.com/http-api-authorization","description_kind":"plain","required":true},"token_url":{"type":"string","description":"The authentication URL of the commercetools platform. https://docs.commercetools.com/http-api-authorization","description_kind":"plain","required":true}},"description_kind":"plain"}},"resource_schemas":{"commercetools_api_client":{"version":0,"block":{"attributes":{"id":{"type":"string","description_kind":"plain","optional":true,"computed":true},"name":{"type":"string","description":"Name of the API client","description_kind":"plain","required":true},"scope":{"type":["set","string"],"description":"A list of the [OAuth scopes](https://docs.commercetools.com/http-api-authorization.html#scopes)","description_kind":"plain","required":true},"secret":{"type":"string","description_kind":"plain","computed":true}},"description":"Create a new API client. Note that Commercetools might return slightly different scopes, resulting in a new API client being created everytime Terraform is run. In this case, fix your scopes accordingly to match what is returned by Commercetools.\n\nAlso see the [API client HTTP API documentation](https://docs.commercetools.com//http-api-projects-api-clients).","description_kind":"plain"}},"commercetools_api_extension":{"version":0,"block":{"attributes":{"destination":{"type":["map","string"],"description":"[Destination](https://docs.commercetools.com/api/projects/api-extensions#destination) Details where the extension can be reached","description_kind":"plain","required":true},"id":{"type":"string","description_kind":"plain","optional":true,"computed":true},"key":{"type":"string","description":"User-specific unique identifier for the extension","description_kind":"plain","optional":true},"timeout_in_ms":{"type":"number","description":"Extension timeout in milliseconds","description_kind":"plain","optional":true},"version":{"type":"number","description_kind":"plain","computed":true}},"block_types":{"trigger":{"nesting_mode":"list","block":{"attributes":{"actions":{"type":["list","string"],"description":"Currently, Create and Update are supported","description_kind":"plain","required":true},"resource_type_id":{"type":"string","description":"Currently, cart, order, payment, and customer are supported","description_kind":"plain","required":true}},"description":"Array of [Trigger](https://docs.commercetools.com/api/projects/api-extensions#trigger) Describes what triggers the extension","description_kind":"plain"},"min_items":1}},"description":"Create a new API extension to extend the bevahiour of an API with business logic. Note that API extensions affect the performance of the API it is extending. If it fails, the whole API call fails \n\nAlso see the [API Extension API Documentation](https://docs.commercetools.com/api/projects/api-extensions)","description_kind":"plain"}},"commercetools_cart_discount":{"version":0,"block":{"attributes":{"description":{"type":["map","string"],"description":"[LocalizedString](https://docs.commercetools.com/api/types#localizedstring)","description_kind":"plain","optional":true},"id":{"type":"string","description_kind":"plain","optional":true,"computed":true},"is_active":{"type":"bool","description":"Only active discount can be applied to the cart","description_kind":"plain","optional":true},"key":{"type":"string","description":"User-specific unique identifier for a cart discount. Must be unique across a project","description_kind":"plain","optional":true},"name":{"type":["map","string"],"description":"[LocalizedString](https://docs.commercetools.com/api/types#localizedstring)","description_kind":"plain","required":true},"predicate":{"type":"string","description":"A valid [Cart Predicate](https://docs.commercetools.com/api/projects/predicates#cart-predicates)","description_kind":"plain","required":true},"requires_discount_code":{"type":"bool","description":"States whether the discount can only be used in a connection with a [DiscountCode](https://docs.commercetools.com/api/projects/discountCodes#discountcode)","description_kind":"plain","optional":true},"sort_order":{"type":"string","description":"The string must contain a number between 0 and 1. All matching cart discounts are applied to a cart in the order defined by this field. A discount with greater sort order is prioritized higher than a discount with lower sort order. The sort order is unambiguous among all cart discounts","description_kind":"plain","required":true},"stacking_mode":{"type":"string","description":"Specifies whether the application of this discount causes the following discounts to be ignored","description_kind":"plain","optional":true},"target":{"type":["map","string"],"description":"Empty when the value has type giftLineItem, otherwise a [CartDiscountTarget](https://docs.commercetools.com/api/projects/cartDiscounts#cartdiscounttarget)","description_kind":"plain","optional":true},"valid_from":{"type":"string","description_kind":"plain","optional":true},"valid_until":{"type":"string","description_kind":"plain","optional":true},"version":{"type":"number","description_kind":"plain","computed":true}},"block_types":{"value":{"nesting_mode":"list","block":{"attributes":{"distribution_channel_id":{"type":"string","description":"Gift Line Item discount specific field","description_kind":"plain","optional":true},"permyriad":{"type":"number","description":"Relative discount specific fields","description_kind":"plain","optional":true},"product_id":{"type":"string","description":"Gift Line Item discount specific field","description_kind":"plain","optional":true},"supply_channel_id":{"type":"string","description":"Gift Line Item discount specific field","description_kind":"plain","optional":true},"type":{"type":"string","description":"Currently supports absolute/relative/giftLineItem","description_kind":"plain","required":true},"variant":{"type":"number","description":"Gift Line Item discount specific field","description_kind":"plain","optional":true}},"block_types":{"money":{"nesting_mode":"list","block":{"attributes":{"cent_amount":{"type":"number","description":"The amount in cents (the smallest indivisible unit of the currency)","description_kind":"plain","required":true},"currency_code":{"type":"string","description":"The currency code compliant to [ISO 4217](https://en.wikipedia.org/wiki/ISO_4217)","description_kind":"plain","required":true}},"description":"Absolute discount specific fields","description_kind":"plain"}}},"description":"Defines the effect the discount will have. [CartDiscountValue](https://docs.commercetools.com/api/projects/cartDiscounts#cartdiscountvalue)","description_kind":"plain"},"min_items":1,"max_items":1}},"description":"Cart discounts are used to change the prices of different elements within a cart.\n\nSee also the [Cart Discount API Documentation](https://docs.commercetools.com/api/projects/cartDiscounts)","description_kind":"plain"}},"commercetools_category":{"version":0,"block":{"attributes":{"description":{"type":["map","string"],"description_kind":"plain","optional":true},"id":{"type":"string","description_kind":"plain","optional":true,"computed":true},"key":{"type":"string","description":"Category-specific unique identifier. Must be unique across a project","description_kind":"plain","optional":true},"meta_description":{"type":["map","string"],"description_kind":"plain","optional":true},"meta_keywords":{"type":["map","string"],"description_kind":"plain","optional":true},"meta_title":{"type":["map","string"],"description_kind":"plain","optional":true},"name":{"type":["map","string"],"description_kind":"plain","required":true},"order_hint":{"type":"string","description":"An attribute as base for a custom category order in one level, filled with random value when left empty","description_kind":"plain","optional":true},"parent":{"type":"string","description":"A category that is the parent of this category in the category tree","description_kind":"plain","optional":true},"slug":{"type":["map","string"],"description":"Human readable identifiers, needs to be unique","description_kind":"plain","required":true},"version":{"type":"number","description_kind":"plain","computed":true}},"block_types":{"assets":{"nesting_mode":"list","block":{"attributes":{"description":{"type":["map","string"],"description_kind":"plain","optional":true},"key":{"type":"string","description":"Optional User-defined identifier for the asset. Asset keys are unique inside their container (in this case the category)","description_kind":"plain","optional":true},"name":{"type":["map","string"],"description_kind":"plain","required":true},"tags":{"type":["list","string"],"description_kind":"plain","optional":true}},"block_types":{"sources":{"nesting_mode":"list","block":{"attributes":{"content_type":{"type":"string","description_kind":"plain","optional":true},"dimensions":{"type":["map","string"],"description_kind":"plain","optional":true},"key":{"type":"string","description":"Unique identifier, must be unique within the Asset","description_kind":"plain","optional":true},"uri":{"type":"string","description_kind":"plain","required":true}},"description":"Array of AssetSource, Has at least one entry","description_kind":"plain"}}},"description":"Can be used to store images, icons or movies related to this category","description_kind":"plain"}}},"description":"Categories allow you to organize products into hierarchical structures.\n\nAlso see the [Categories HTTP API documentation](https://docs.commercetools.com/api/projects/categories).","description_kind":"plain"}},"commercetools_channel":{"version":0,"block":{"attributes":{"description":{"type":["map","string"],"description":"[LocalizedString](https://docs.commercetools.com/api/types#localizedstring)","description_kind":"plain","optional":true},"id":{"type":"string","description_kind":"plain","optional":true,"computed":true},"key":{"type":"string","description":"Any arbitrary string key that uniquely identifies this channel within the project","description_kind":"plain","required":true},"name":{"type":["map","string"],"description":"[LocalizedString](https://docs.commercetools.com/api/types#localizedstring)","description_kind":"plain","optional":true},"roles":{"type":["list","string"],"description":"The [roles](https://docs.commercetools.com/api/projects/channels#channelroleenum) of this channel. Each channel must have at least one role","description_kind":"plain","required":true},"version":{"type":"number","description_kind":"plain","computed":true}},"description":"Channels represent a source or destination of different entities. They can be used to model warehouses or stores.\n\nSee also the [Channels API Documentation](https://docs.commercetools.com/api/projects/channels)","description_kind":"plain"}},"commercetools_custom_object":{"version":0,"block":{"attributes":{"container":{"type":"string","description":"A namespace to group custom objects matching the pattern '[-_~.a-zA-Z0-9]+'","description_kind":"plain","required":true},"id":{"type":"string","description_kind":"plain","optional":true,"computed":true},"key":{"type":"string","description":"String matching the pattern '[-_~.a-zA-Z0-9]+'","description_kind":"plain","required":true},"value":{"type":"string","description":"JSON types Number, String, Boolean, Array, Object","description_kind":"plain","required":true},"version":{"type":"number","description_kind":"plain","computed":true}},"description":"Custom objects are a way to store arbitrary JSON-formatted data on the commercetools platform. It allows you to persist data that does not fit the standard data model. This frees your application completely from any third-party persistence solution and means that all your data stays on the commercetools platform.\n\nSee also the [Custom Object API Documentation](https://docs.commercetools.com/api/projects/custom-objects)","description_kind":"plain"}},"commercetools_customer_group":{"version":0,"block":{"attributes":{"id":{"type":"string","description_kind":"plain","optional":true,"computed":true},"key":{"type":"string","description":"User-specific unique identifier for the customer group","description_kind":"plain","optional":true},"name":{"type":"string","description":"Unique within the project","description_kind":"plain","required":true},"version":{"type":"number","description_kind":"plain","computed":true}},"description":"A Customer can be a member of a customer group (for example reseller, gold member). Special prices can be assigned to specific products based on a customer group.\n\nSee also the [Custome Group API Documentation](https://docs.commercetools.com/api/projects/customerGroups)","description_kind":"plain"}},"commercetools_discount_code":{"version":0,"block":{"attributes":{"cart_discounts":{"type":["list","string"],"description":"The referenced matching cart discounts can be applied to the cart once the DiscountCode is added","description_kind":"plain","required":true},"code":{"type":"string","description":"Unique identifier of this discount code. This value is added to the cart to enable the related cart discounts in the cart","description_kind":"plain","required":true},"description":{"type":["map","string"],"description":"[LocalizedString](https://docs.commercetools.com/api/types#localizedstring)","description_kind":"plain","optional":true},"groups":{"type":["list","string"],"description":"The groups to which this discount code belong","description_kind":"plain","optional":true},"id":{"type":"string","description_kind":"plain","optional":true,"computed":true},"is_active":{"type":"bool","description_kind":"plain","optional":true},"max_applications":{"type":"number","description":"The discount code can only be applied maxApplications times","description_kind":"plain","optional":true},"max_applications_per_customer":{"type":"number","description":"The discount code can only be applied maxApplicationsPerCustomer times per customer","description_kind":"plain","optional":true},"name":{"type":["map","string"],"description":"[LocalizedString](https://docs.commercetools.com/api/types#localizedstring)","description_kind":"plain","optional":true},"predicate":{"type":"string","description":"[Cart Predicate](https://docs.commercetools.com/api/projects/predicates#cart-predicates)","description_kind":"plain","optional":true},"valid_from":{"type":"string","description":"The time from which the discount can be applied on a cart. Before that time the code is invalid","description_kind":"plain","optional":true},"valid_until":{"type":"string","description":"The time until the discount can be applied on a cart. After that time the code is invalid","description_kind":"plain","optional":true},"version":{"type":"number","description_kind":"plain","computed":true}},"description":"With discount codes it is possible to give specific cart discounts to an eligible set of users. They are defined by a string value which can be added to a cart so that specific cart discounts can be applied to the cart.\n\nSee also the [Discount Code Api Documentation](https://docs.commercetools.com/api/projects/discountCodes)","description_kind":"plain"}},"commercetools_product_type":{"version":0,"block":{"attributes":{"description":{"type":"string","description_kind":"plain","optional":true},"id":{"type":"string","description_kind":"plain","optional":true,"computed":true},"key":{"type":"string","description":"User-specific unique identifier for the product type (max. 256 characters)","description_kind":"plain","optional":true},"name":{"type":"string","description_kind":"plain","required":true},"version":{"type":"number","description_kind":"plain","computed":true}},"block_types":{"attribute":{"nesting_mode":"list","block":{"attributes":{"constraint":{"type":"string","description":"Describes how an attribute or a set of attributes should be validated across all variants of a product. See also [Attribute Constraint](https://docs.commercetools.com/api/projects/productTypes#attributeconstraint-enum)","description_kind":"plain","optional":true},"input_hint":{"type":"string","description":"Provides a visual representation type for this attribute. only relevant for text-based attribute types like TextType and LocalizableTextType","description_kind":"plain","optional":true},"input_tip":{"type":["map","string"],"description":"Additional information about the attribute that aids content managers when setting product details","description_kind":"plain","optional":true},"label":{"type":["map","string"],"description":"A human-readable label for the attribute","description_kind":"plain","required":true},"name":{"type":"string","description":"The unique name of the attribute used in the API. The name must be between two and 256 characters long and can contain the ASCII letters A to Z in lowercase or uppercase, digits, underscores (_) and the hyphen-minus (-).\nWhen using the same name for an attribute in two or more product types all fields of the AttributeDefinition of this attribute need to be the same across the product types, otherwise an AttributeDefinitionAlreadyExists error code will be returned. An exception to this are the values of an enum or lenum type and sets thereof","description_kind":"plain","required":true},"required":{"type":"bool","description":"Whether the attribute is required to have a value","description_kind":"plain","optional":true},"searchable":{"type":"bool","description":"Whether the attribute's values should generally be activated in product search","description_kind":"plain","optional":true}},"block_types":{"type":{"nesting_mode":"list","block":{"attributes":{"name":{"type":"string","description_kind":"plain","required":true},"reference_type_id":{"type":"string","description_kind":"plain","optional":true},"type_reference":{"type":"string","description_kind":"plain","optional":true},"values":{"type":["map","string"],"description_kind":"plain","optional":true}},"block_types":{"element_type":{"nesting_mode":"list","block":{"attributes":{"name":{"type":"string","description_kind":"plain","required":true},"reference_type_id":{"type":"string","description_kind":"plain","optional":true},"type_reference":{"type":"string","description_kind":"plain","optional":true},"values":{"type":["map","string"],"description_kind":"plain","optional":true}},"block_types":{"localized_value":{"nesting_mode":"list","block":{"attributes":{"key":{"type":"string","description_kind":"plain","required":true},"label":{"type":["map","string"],"description_kind":"plain","required":true}},"description_kind":"plain"}}},"description_kind":"plain"},"max_items":1},"localized_value":{"nesting_mode":"list","block":{"attributes":{"key":{"type":"string","description_kind":"plain","required":true},"label":{"type":["map","string"],"description_kind":"plain","required":true}},"description_kind":"plain"}}},"description":"[AttributeType](https://docs.commercetools.com/api/projects/productTypes#attributetype)","description_kind":"plain"},"min_items":1,"max_items":1}},"description":"[Product attribute fefinition](https://docs.commercetools.com/api/projects/productTypes#attributedefinition)","description_kind":"plain"}}},"description":"Product types are used to describe common characteristics, most importantly common custom attributes, of many concrete products. Please note: to customize other resources than products, please refer to resource_type.\n\nSee also the [Product Type API Documentation](https://docs.commercetools.com/api/projects/productTypes)","description_kind":"plain"}},"commercetools_project_settings":{"version":0,"block":{"attributes":{"carts":{"type":["map","string"],"description":"[Carts Configuration](https://docs.commercetools.com/api/projects/project#carts-configuration)","description_kind":"plain","optional":true},"countries":{"type":["list","string"],"description":"A two-digit country code as per [ISO 3166-1 alpha-2](https://en.wikipedia.org/wiki/ISO_3166-1_alpha-2)","description_kind":"plain","optional":true},"currencies":{"type":["list","string"],"description":"A three-digit currency code as per [ISO 4217](https://en.wikipedia.org/wiki/ISO_4217)","description_kind":"plain","optional":true},"external_oauth":{"type":["map","string"],"description":"[External OAUTH](https://docs.commercetools.com/api/projects/project#externaloauth)","description_kind":"plain","optional":true},"id":{"type":"string","description_kind":"plain","optional":true,"computed":true},"key":{"type":"string","description":"The unique key of the project","description_kind":"plain","computed":true},"languages":{"type":["list","string"],"description":"[IETF Language Tag](https://en.wikipedia.org/wiki/IETF_language_tag)","description_kind":"plain","optional":true},"messages":{"type":["map","string"],"description":"[Messages Configuration](https://docs.commercetools.com/api/projects/project#messages-configuration)","description_kind":"plain","optional":true},"name":{"type":"string","description":"The name of the project","description_kind":"plain","optional":true},"shipping_rate_input_type":{"type":"string","description":"Three ways to dynamically select a ShippingRatePriceTier exist. The CartValue type uses the sum of all line item prices, whereas CartClassification and CartScore use the shippingRateInput field on the cart to select a tier","description_kind":"plain","optional":true},"version":{"type":"number","description_kind":"plain","computed":true}},"block_types":{"shipping_rate_cart_classification_value":{"nesting_mode":"list","block":{"attributes":{"key":{"type":"string","description_kind":"plain","required":true},"label":{"type":["map","string"],"description_kind":"plain","optional":true}},"description":"If shipping_rate_input_type is set to CartClassification these values are used to create tiers\n. Only a key defined inside the values array can be used to create a tier, or to set a value for the shippingRateInput on the cart. The keys are checked for uniqueness and the request is rejected if keys are not unique","description_kind":"plain"}}},"description":"The project endpoint provides a limited set of information about settings and configuration of the project. Updating the settings is eventually consistent, it may take up to a minute before a change becomes fully active.\n\nSee also the [Project Settings API Documentation](https://docs.commercetools.com/api/projects/project)","description_kind":"plain"}},"commercetools_shipping_method":{"version":0,"block":{"attributes":{"description":{"type":"string","description_kind":"plain","optional":true},"id":{"type":"string","description_kind":"plain","optional":true,"computed":true},"is_default":{"type":"bool","description":"One shipping method in a project can be default","description_kind":"plain","optional":true},"key":{"type":"string","description":"User-specific unique identifier for the shipping method","description_kind":"plain","optional":true},"localized_description":{"type":["map","string"],"description":"[LocalizedString](https://docs.commercetools.com/api/types#localizedstring)","description_kind":"plain","optional":true},"name":{"type":"string","description_kind":"plain","required":true},"predicate":{"type":"string","description":"A Cart predicate which can be used to more precisely select a shipping method for a cart","description_kind":"plain","optional":true},"tax_category_id":{"type":"string","description":"ID of a [Tax Category](https://docs.commercetools.com/api/projects/taxCategories#taxcategory)","description_kind":"plain","optional":true},"version":{"type":"number","description_kind":"plain","computed":true}},"description":"With Shipping Methods you can specify which shipping services you want to provide to your customers for deliveries to different areas of the world at rates you can define.\n\nSee also the [Shipping Methods API Documentation](https://docs.commercetools.com/api/projects/shippingMethods)","description_kind":"plain"}},"commercetools_shipping_zone":{"version":0,"block":{"attributes":{"description":{"type":"string","description_kind":"plain","optional":true},"id":{"type":"string","description_kind":"plain","optional":true,"computed":true},"key":{"type":"string","description":"User-specific unique identifier for a zone. Must be unique across a project","description_kind":"plain","optional":true},"name":{"type":"string","description_kind":"plain","optional":true},"version":{"type":"number","description_kind":"plain","computed":true}},"block_types":{"location":{"nesting_mode":"list","block":{"attributes":{"country":{"type":"string","description":"A two-digit country code as per [ISO 3166-1 alpha-2](https://en.wikipedia.org/wiki/ISO_3166-1_alpha-2)","description_kind":"plain","required":true},"state":{"type":"string","description_kind":"plain","optional":true}},"description":"[Location](https://docs.commercetools.com/api/projects/zones#location)","description_kind":"plain"}}},"description_kind":"plain"}},"commercetools_shipping_zone_rate":{"version":0,"block":{"attributes":{"id":{"type":"string","description_kind":"plain","optional":true,"computed":true},"shipping_method_id":{"type":"string","description_kind":"plain","required":true},"shipping_zone_id":{"type":"string","description_kind":"plain","required":true}},"block_types":{"free_above":{"nesting_mode":"list","block":{"attributes":{"cent_amount":{"type":"number","description":"The amount in cents (the smallest indivisible unit of the currency)","description_kind":"plain","required":true},"currency_code":{"type":"string","description":"The currency code compliant to [ISO 4217](https://en.wikipedia.org/wiki/ISO_4217)","description_kind":"plain","required":true}},"description":"The shipping is free if the sum of the (custom) line item prices reaches the freeAbove value","description_kind":"plain"},"max_items":1},"price":{"nesting_mode":"list","block":{"attributes":{"cent_amount":{"type":"number","description_kind":"plain","required":true},"currency_code":{"type":"string","description_kind":"plain","required":true}},"description_kind":"plain"},"min_items":1,"max_items":1},"shipping_rate_price_tier":{"nesting_mode":"list","block":{"attributes":{"minimum_cent_amount":{"type":"number","description":"If type is CartValue this represents the cent amount of the tier","description_kind":"plain","optional":true},"score":{"type":"number","description":"If type is CartScore. Sets a fixed price for this score value","description_kind":"plain","optional":true},"type":{"type":"string","description":"CartValue, CartScore or CartClassification","description_kind":"plain","required":true},"value":{"type":"string","description":"If type is CartClassification, must be a valid key of the CartClassification","description_kind":"plain","optional":true}},"block_types":{"price":{"nesting_mode":"list","block":{"attributes":{"cent_amount":{"type":"number","description_kind":"plain","required":true},"currency_code":{"type":"string","description_kind":"plain","required":true}},"description":"The price of the score, value or minimum_cent_amount tier","description_kind":"plain"},"min_items":1,"max_items":1}},"description":"A price tier is selected instead of the default price when a certain threshold or specific cart value is reached. If no tiered price is suitable for the cart, the base price of the shipping rate is used\n. See also [Shipping Rate Price Tier API Docs](https://docs.commercetools.com/api/projects/shippingMethods#shippingratepricetier)","description_kind":"plain"}}},"description":"Defines shipping rates (prices) for a specific zone.\n\nSee also [ZoneRate API Documentation](https://docs.commercetools.com/api/projects/shippingMethods#zonerate)","description_kind":"plain"}},"commercetools_state":{"version":0,"block":{"attributes":{"description":{"type":["map","string"],"description":"[LocalizedString](https://docs.commercetools.com/api/types#localizedstring)","description_kind":"plain","optional":true},"id":{"type":"string","description_kind":"plain","optional":true,"computed":true},"initial":{"type":"bool","description":"A state can be declared as an initial state for any state machine. When a workflow starts, this first state must be an initial state","description_kind":"plain","optional":true},"key":{"type":"string","description":"A unique identifier for the state","description_kind":"plain","required":true},"name":{"type":["map","string"],"description":"[LocalizedString](https://docs.commercetools.com/api/types#localizedstring)","description_kind":"plain","optional":true},"roles":{"type":["list","string"],"description":"Array of [State Role](https://docs.commercetools.com/api/projects/states#staterole)","description_kind":"plain","optional":true},"transitions":{"type":["set","string"],"description":"Transitions are a way to describe possible transformations of the current state to other states of the same type (for example: Initial -\u003e Shipped). When performing a transitionState update action and transitions is set, the currently referenced state must have a transition to the new state.\nIf transitions is an empty list, it means the current state is a final state and no further transitions are allowed.\nIf transitions is not set, the validation is turned off. When performing a transitionState update action, any other state of the same type can be transitioned to","description_kind":"plain","optional":true},"type":{"type":"string","description":"[StateType](https://docs.commercetools.com/api/projects/states#statetype)","description_kind":"plain","required":true},"version":{"type":"number","description_kind":"plain","computed":true}},"description":"The commercetools platform allows you to model states of certain objects, such as orders, line items, products, reviews, and payments to define finite state machines reflecting the business logic you'd like to implement.\n\nSee also the [State API Documentation](https://docs.commercetools.com/api/projects/states)","description_kind":"plain"}},"commercetools_store":{"version":0,"block":{"attributes":{"distribution_channels":{"type":["list","string"],"description":"Set of ResourceIdentifier to a Channel with ProductDistribution","description_kind":"plain","optional":true},"id":{"type":"string","description_kind":"plain","optional":true,"computed":true},"key":{"type":"string","description":"User-specific unique identifier for the store. The key is mandatory and immutable. It is used to reference the store","description_kind":"plain","required":true},"languages":{"type":["list","string"],"description":"[IETF Language Tag](https://en.wikipedia.org/wiki/IETF_language_tag)","description_kind":"plain","optional":true},"name":{"type":["map","string"],"description":"[LocalizedString](https://docs.commercetools.com/api/types#localizedstring)","description_kind":"plain","optional":true},"supply_channels":{"type":["list","string"],"description":"Set of ResourceIdentifier of Channels with InventorySupply","description_kind":"plain","optional":true},"version":{"type":"number","description_kind":"plain","computed":true}},"description":"Stores can be used to model, for example, physical retail locations, brand stores, or country-specific stores.\n\nSee also the [Stores API Documentation](https://docs.commercetools.com/api/projects/stores)","description_kind":"plain"}},"commercetools_subscription":{"version":0,"block":{"attributes":{"destination":{"type":["map","string"],"description":"The Message Queue into which the notifications are to be sentSee also the [Destination API Docs](https://docs.commercetools.com/api/projects/subscriptions#destination)","description_kind":"plain","optional":true},"format":{"type":["map","string"],"description":"The [format](https://docs.commercetools.com/api/projects/subscriptions#format) in which the payload is delivered","description_kind":"plain","optional":true},"id":{"type":"string","description_kind":"plain","optional":true,"computed":true},"key":{"type":"string","description":"User-specific unique identifier for the subscription","description_kind":"plain","optional":true},"version":{"type":"number","description_kind":"plain","computed":true}},"block_types":{"changes":{"nesting_mode":"list","block":{"attributes":{"resource_type_ids":{"type":["list","string"],"description":"[Resource Type ID](https://docs.commercetools.com/api/projects/subscriptions#changesubscription)","description_kind":"plain","optional":true}},"description":"The change notifications subscribed to","description_kind":"plain"}},"message":{"nesting_mode":"list","block":{"attributes":{"resource_type_id":{"type":"string","description":"[Resource Type ID](https://docs.commercetools.com/api/projects/subscriptions#changesubscription)","description_kind":"plain","optional":true},"types":{"type":["list","string"],"description":"types must contain valid message types for this resource, for example for resource type product the message type ProductPublished is valid. If no types of messages are given, the subscription is valid for all messages of this resource","description_kind":"plain","optional":true}},"description":"The messages subscribed to","description_kind":"plain"}}},"description":"Subscriptions allow you to be notified of new messages or changes via a Message Queue of your choice. Subscriptions are used to trigger an asynchronous background process in response to an event on the commercetools platform. Common use cases include sending an Order Confirmation Email, charging a Credit Card after the delivery has been made, or synchronizing customer accounts to a Customer Relationship Management (CRM) system.\n\nSee also the [Subscriptions API Documentation](https://docs.commercetools.com/api/projects/subscriptions)","description_kind":"plain"}},"commercetools_tax_category":{"version":0,"block":{"attributes":{"description":{"type":"string","description_kind":"plain","optional":true},"id":{"type":"string","description_kind":"plain","optional":true,"computed":true},"key":{"type":"string","description":"User-specific unique identifier for the category","description_kind":"plain","optional":true},"name":{"type":"string","description_kind":"plain","required":true},"version":{"type":"number","description_kind":"plain","computed":true}},"description":"Tax Categories define how products are to be taxed in different countries.\n\nSee also the [Tax Category API Documentation](https://docs.commercetools.com/api/projects/taxCategories)","description_kind":"plain"}},"commercetools_tax_category_rate":{"version":0,"block":{"attributes":{"amount":{"type":"number","description":"Number Percentage in the range of [0..1]. The sum of the amounts of all subRates, if there are any","description_kind":"plain","optional":true},"country":{"type":"string","description":"A two-digit country code as per [ISO 3166-1 alpha-2](https://en.wikipedia.org/wiki/ISO_3166-1_alpha-2)","description_kind":"plain","required":true},"id":{"type":"string","description_kind":"plain","optional":true,"computed":true},"included_in_price":{"type":"bool","description_kind":"plain","required":true},"name":{"type":"string","description_kind":"plain","required":true},"state":{"type":"string","description":"The state in the country","description_kind":"plain","optional":true},"tax_category_id":{"type":"string","description_kind":"plain","required":true}},"block_types":{"sub_rate":{"nesting_mode":"list","block":{"attributes":{"amount":{"type":"number","description":"Number Percentage in the range of [0..1]","description_kind":"plain","required":true},"name":{"type":"string","description_kind":"plain","required":true}},"description":"For countries (for example the US) where the total tax is a combination of multiple taxes (for example state and local taxes)","description_kind":"plain"}}},"description":"Tax rate for Tax Category. \n\nSee also [Tax Rate API Documentation](https://docs.commercetools.com/api/projects/taxCategories#taxrate)","description_kind":"plain"}},"commercetools_type":{"version":0,"block":{"attributes":{"description":{"type":["map","string"],"description":"[LocalizedString](https://docs.commercetools.com/api/types#localizedstring)","description_kind":"plain","optional":true},"id":{"type":"string","description_kind":"plain","optional":true,"computed":true},"key":{"type":"string","description":"Identifier for the type (max. 256 characters)","description_kind":"plain","required":true},"name":{"type":["map","string"],"description":"[LocalizedString](https://docs.commercetools.com/api/types#localizedstring)","description_kind":"plain","required":true},"resource_type_ids":{"type":["list","string"],"description":"Defines for which [resources](https://docs.commercetools.com/api/projects/custom-fields#customizable-resources) the type is valid","description_kind":"plain","required":true},"version":{"type":"number","description_kind":"plain","computed":true}},"block_types":{"field":{"nesting_mode":"list","block":{"attributes":{"input_hint":{"type":"string","description":"[TextInputHint](https://docs.commercetools.com/api/projects/types#textinputhint) Provides a visual representation type for this field. It is only relevant for string-based field types like StringType and LocalizedStringType","description_kind":"plain","optional":true},"label":{"type":["map","string"],"description":"A human-readable label for the field","description_kind":"plain","required":true},"name":{"type":"string","description":"The name of the field.\nThe name must be between two and 36 characters long and can contain the ASCII letters A to Z in lowercase or uppercase, digits, underscores (_) and the hyphen-minus (-).\nThe name must be unique for a given resource type ID. In case there is a field with the same name in another type it has to have the same FieldType also","description_kind":"plain","required":true},"required":{"type":"bool","description":"Whether the field is required to have a value","description_kind":"plain","optional":true}},"block_types":{"type":{"nesting_mode":"list","block":{"attributes":{"name":{"type":"string","description_kind":"plain","required":true},"reference_type_id":{"type":"string","description_kind":"plain","optional":true},"values":{"type":["map","string"],"description_kind":"plain","optional":true}},"block_types":{"element_type":{"nesting_mode":"list","block":{"attributes":{"name":{"type":"string","description_kind":"plain","required":true},"reference_type_id":{"type":"string","description_kind":"plain","optional":true},"values":{"type":["map","string"],"description_kind":"plain","optional":true}},"block_types":{"localized_value":{"nesting_mode":"list","block":{"attributes":{"key":{"type":"string","description_kind":"plain","required":true},"label":{"type":["map","string"],"description_kind":"plain","required":true}},"description_kind":"plain"}}},"description_kind":"plain"},"max_items":1},"localized_value":{"nesting_mode":"list","block":{"attributes":{"key":{"type":"string","description_kind":"plain","required":true},"label":{"type":["map","string"],"description_kind":"plain","required":true}},"description_kind":"plain"}}},"description":"Describes the [type](https://docs.commercetools.com/api/projects/types#fieldtype) of the field","description_kind":"plain"},"min_items":1,"max_items":1}},"description":"[Field definition](https://docs.commercetools.com/api/projects/types#fielddefinition)","description_kind":"plain"}}},"description":"Types define custom fields that are used to enhance resources as you need. Use Types to model your own CustomFields on resources, like Category and Customer.\n\nIn case you want to customize products, please use product types instead that serve a similar purpose, but tailored to products.\n\nSee also the [Types Api Documentation](https://docs.commercetools.com/api/projects/types)","description_kind":"plain"}}}}}}
