{"format_version":"0.2","provider_schemas":{"registry.terraform.io/labd/sonarqube":{"provider":{"version":0,"block":{"attributes":{"token":{"type":"string","description_kind":"plain","required":true,"sensitive":true},"url":{"type":"string","description_kind":"plain","required":true,"sensitive":true}},"description_kind":"plain"}},"resource_schemas":{"sonarqube_project":{"version":0,"block":{"attributes":{"id":{"type":"string","description_kind":"plain","optional":true,"computed":true},"key":{"type":"string","description_kind":"plain","required":true},"name":{"type":"string","description_kind":"plain","required":true},"public":{"type":"bool","description_kind":"plain","optional":true}},"description_kind":"plain"}},"sonarqube_project_user":{"version":0,"block":{"attributes":{"id":{"type":"string","description_kind":"plain","optional":true,"computed":true},"login":{"type":"string","description_kind":"plain","required":true},"permission":{"type":"string","description_kind":"plain","required":true},"project_key":{"type":"string","description_kind":"plain","required":true}},"description_kind":"plain"}},"sonarqube_settings_value":{"version":0,"block":{"attributes":{"id":{"type":"string","description_kind":"plain","optional":true,"computed":true},"key":{"type":"string","description_kind":"plain","required":true},"value":{"type":"string","description_kind":"plain","required":true}},"description_kind":"plain"}}},"data_source_schemas":{"sonarqube_user":{"version":0,"block":{"attributes":{"email":{"type":"string","description_kind":"plain","required":true},"id":{"type":"string","description_kind":"plain","optional":true,"computed":true},"login":{"type":"string","description_kind":"plain","computed":true}},"description_kind":"plain"}}}}}}
