{"format_version":"0.2","provider_schemas":{"registry.terraform.io/lancey-energy-storage/influxdb-v2-onboarding":{"provider":{"version":0,"block":{"attributes":{"url":{"type":"string","description_kind":"plain","optional":true}},"description_kind":"plain"}},"resource_schemas":{"influxdb-v2-onboarding_setup":{"version":0,"block":{"attributes":{"allowed":{"type":"bool","description_kind":"plain","computed":true},"auth_id":{"type":"string","description_kind":"plain","computed":true},"bucket":{"type":"string","description_kind":"plain","required":true},"bucket_id":{"type":"string","description_kind":"plain","computed":true},"id":{"type":"string","description_kind":"plain","optional":true,"computed":true},"org":{"type":"string","description_kind":"plain","required":true},"org_id":{"type":"string","description_kind":"plain","computed":true},"password":{"type":"string","description_kind":"plain","optional":true},"retention_period":{"type":"number","description_kind":"plain","optional":true},"server_url":{"type":"string","description_kind":"plain","computed":true},"token":{"type":"string","description_kind":"plain","computed":true},"user_id":{"type":"string","description_kind":"plain","computed":true},"username":{"type":"string","description_kind":"plain","optional":true}},"description_kind":"plain"}}}}}}
