{"format_version":"0.2","provider_schemas":{"registry.terraform.io/lancey-energy-storage/influxdb-v2":{"provider":{"version":0,"block":{"attributes":{"token":{"type":"string","description_kind":"plain","optional":true,"sensitive":true},"url":{"type":"string","description_kind":"plain","optional":true}},"description_kind":"plain"}},"resource_schemas":{"influxdb-v2_authorization":{"version":0,"block":{"attributes":{"description":{"type":"string","description_kind":"plain","optional":true},"id":{"type":"string","description_kind":"plain","optional":true,"computed":true},"org_id":{"type":"string","description_kind":"plain","required":true},"status":{"type":"string","description_kind":"plain","optional":true},"token":{"type":"string","description_kind":"plain","computed":true},"user_id":{"type":"string","description_kind":"plain","computed":true},"user_org_id":{"type":"string","description_kind":"plain","computed":true}},"block_types":{"permissions":{"nesting_mode":"set","block":{"attributes":{"action":{"type":"string","description_kind":"plain","required":true}},"block_types":{"resource":{"nesting_mode":"set","block":{"attributes":{"id":{"type":"string","description_kind":"plain","required":true},"org":{"type":"string","description_kind":"plain","optional":true},"org_id":{"type":"string","description_kind":"plain","required":true},"type":{"type":"string","description_kind":"plain","required":true}},"description_kind":"plain"},"min_items":1}},"description_kind":"plain"},"min_items":1}},"description_kind":"plain"}},"influxdb-v2_bucket":{"version":0,"block":{"attributes":{"created_at":{"type":"string","description_kind":"plain","computed":true},"description":{"type":"string","description_kind":"plain","optional":true},"id":{"type":"string","description_kind":"plain","optional":true,"computed":true},"name":{"type":"string","description_kind":"plain","required":true},"org_id":{"type":"string","description_kind":"plain","required":true},"rp":{"type":"string","description_kind":"plain","optional":true},"type":{"type":"string","description_kind":"plain","computed":true},"updated_at":{"type":"string","description_kind":"plain","computed":true}},"block_types":{"retention_rules":{"nesting_mode":"set","block":{"attributes":{"every_seconds":{"type":"number","description_kind":"plain","required":true},"type":{"type":"string","description_kind":"plain","optional":true}},"description_kind":"plain"},"min_items":1}},"description_kind":"plain"}}},"data_source_schemas":{"influxdb-v2_ready":{"version":0,"block":{"attributes":{"id":{"type":"string","description_kind":"plain","optional":true,"computed":true},"output":{"type":["map","string"],"description_kind":"plain","computed":true}},"description_kind":"plain"}}}}}}
