{"format_version":"0.2","provider_schemas":{"registry.terraform.io/leodotcloud/virtualbox":{"provider":{"version":0,"block":{"description_kind":"plain"}},"resource_schemas":{"virtualbox_vm":{"version":0,"block":{"attributes":{"boot_order":{"type":["list","string"],"description":"Boot order, max 4 slots, each in [none, floopy, dvd, disk, net]","description_kind":"plain","optional":true},"checksum":{"type":"string","description_kind":"plain","optional":true},"checksum_type":{"type":"string","description_kind":"plain","optional":true},"cpus":{"type":"number","description_kind":"plain","optional":true},"id":{"type":"string","description_kind":"plain","optional":true,"computed":true},"image":{"type":"string","description_kind":"plain","required":true},"memory":{"type":"string","description_kind":"plain","optional":true},"name":{"type":"string","description_kind":"plain","required":true},"optical_disks":{"type":["list","string"],"description":"List of Optical Disks to attach","description_kind":"plain","optional":true},"status":{"type":"string","description_kind":"plain","optional":true},"url":{"type":"string","description_kind":"plain","deprecated":true,"optional":true},"user_data":{"type":"string","description_kind":"plain","optional":true}},"block_types":{"network_adapter":{"nesting_mode":"list","block":{"attributes":{"device":{"type":"string","description_kind":"plain","optional":true},"host_interface":{"type":"string","description_kind":"plain","optional":true},"ipv4_address":{"type":"string","description_kind":"plain","computed":true},"ipv4_address_available":{"type":"string","description_kind":"plain","computed":true},"mac_address":{"type":"string","description_kind":"plain","computed":true},"status":{"type":"string","description_kind":"plain","computed":true},"type":{"type":"string","description_kind":"plain","required":true}},"description_kind":"plain"}}},"description_kind":"plain"}}}}}}
