{"format_version":"0.2","provider_schemas":{"registry.terraform.io/level27/level27":{"provider":{"version":0,"block":{"attributes":{"key":{"type":"string","description":"Key used to connect to the API.","description_kind":"plain","optional":true},"uri":{"type":"string","description":"URI of the REST API endpoint. This serves as the base of all requests.","description_kind":"plain","required":true}},"description_kind":"plain"}},"resource_schemas":{"level27_cookbook_docker":{"version":0,"block":{"attributes":{"cookbook_id":{"type":"string","description_kind":"plain","computed":true},"id":{"type":"string","description_kind":"plain","optional":true,"computed":true},"system_id":{"type":"string","description":"The ID of the system where to install this cookbook.","description_kind":"plain","required":true}},"block_types":{"timeouts":{"nesting_mode":"single","block":{"attributes":{"create":{"type":"string","description_kind":"plain","optional":true}},"description_kind":"plain"}}},"description_kind":"plain"}},"level27_cookbook_haproxy":{"version":0,"block":{"attributes":{"backend_ip":{"type":"string","description":"Ip of the backend the loadbalancer should proxy to","description_kind":"plain","optional":true},"backend_port":{"type":"string","description":"Port of the backend the loadbalancer should proxy to","description_kind":"plain","optional":true},"cookbook_id":{"type":"string","description_kind":"plain","computed":true},"expected_traffic":{"type":"string","description":"The amount of traffic that should be expected","description_kind":"plain","optional":true},"frontend_port":{"type":"string","description":"Port the loadbalancer should bind to","description_kind":"plain","optional":true},"haip_ipv4":{"type":"string","description":"High available ipv4 address","description_kind":"plain","optional":true},"haip_ipv6":{"type":"string","description":"High available ipv6 address","description_kind":"plain","optional":true},"haip_routerid":{"type":"string","description":"Router id of the high available ip addresses","description_kind":"plain","optional":true},"id":{"type":"string","description_kind":"plain","optional":true,"computed":true},"primary":{"type":"bool","description":"Is the loadbalancer the primary one","description_kind":"plain","optional":true},"system_id":{"type":"string","description":"The ID of the system where to install this cookbook.","description_kind":"plain","required":true},"varnish":{"type":"bool","description":"Is varnish present on the webservers","description_kind":"plain","optional":true}},"block_types":{"timeouts":{"nesting_mode":"single","block":{"attributes":{"create":{"type":"string","description_kind":"plain","optional":true}},"description_kind":"plain"}}},"description_kind":"plain"}},"level27_cookbook_memcached":{"version":0,"block":{"attributes":{"cookbook_id":{"type":"string","description_kind":"plain","computed":true},"id":{"type":"string","description_kind":"plain","optional":true,"computed":true},"listen_address":{"type":"string","description":"Listen adress","description_kind":"plain","optional":true},"memory":{"type":"number","description":"Memory size","description_kind":"plain","optional":true},"port":{"type":"string","description":"Port","description_kind":"plain","optional":true},"system_id":{"type":"string","description":"The ID of the system where to install this cookbook.","description_kind":"plain","required":true}},"block_types":{"timeouts":{"nesting_mode":"single","block":{"attributes":{"create":{"type":"string","description_kind":"plain","optional":true}},"description_kind":"plain"}}},"description":"Installs and configures MongoDB cookbook on a system","description_kind":"plain"}},"level27_cookbook_mongodb":{"version":0,"block":{"attributes":{"cookbook_id":{"type":"string","description_kind":"plain","computed":true},"id":{"type":"string","description_kind":"plain","optional":true,"computed":true},"listen":{"type":"string","description":"Listen address","description_kind":"plain","optional":true},"port":{"type":"string","description":"Port","description_kind":"plain","optional":true},"system_id":{"type":"string","description":"The ID of the system where to install this cookbook.","description_kind":"plain","required":true}},"block_types":{"timeouts":{"nesting_mode":"single","block":{"attributes":{"create":{"type":"string","description_kind":"plain","optional":true}},"description_kind":"plain"}}},"description_kind":"plain"}},"level27_cookbook_mysql":{"version":0,"block":{"attributes":{"bind_address":{"type":"string","description":"Bind address","description_kind":"plain","optional":true},"cookbook_id":{"type":"string","description_kind":"plain","computed":true},"id":{"type":"string","description_kind":"plain","optional":true,"computed":true},"port":{"type":"string","description":"Port","description_kind":"plain","optional":true},"query_cache_limit":{"type":"number","description":"the maximum size of a single resultset in the cache","description_kind":"plain","optional":true},"query_cache_size":{"type":"number","description":"Query cache size","description_kind":"plain","optional":true},"system_id":{"type":"string","description":"The ID of the system where to install this cookbook.","description_kind":"plain","required":true},"table_cache":{"type":"number","description":"Table cache","description_kind":"plain","optional":true},"version":{"type":["list","string"],"description":"Mysql version","description_kind":"plain","required":true}},"block_types":{"timeouts":{"nesting_mode":"single","block":{"attributes":{"create":{"type":"string","description_kind":"plain","optional":true}},"description_kind":"plain"}}},"description_kind":"plain"}},"level27_cookbook_php":{"version":0,"block":{"attributes":{"apache_ip":{"type":"string","description":"apache listening address","description_kind":"plain","optional":true},"apache_port":{"type":"string","description":"apache listening port","description_kind":"plain","optional":true},"apache_ssl":{"type":"bool","description":"ssl","description_kind":"plain","optional":true},"cookbook_id":{"type":"string","description_kind":"plain","computed":true},"disable_functions":{"type":"string","description":"Disabled PHP functions","description_kind":"plain","optional":true},"display_errors":{"type":"string","description":"show display errors","description_kind":"plain","optional":true},"expected_traffic":{"type":"string","description":"Traffic","description_kind":"plain","optional":true},"id":{"type":"string","description_kind":"plain","optional":true,"computed":true},"max_execution_time":{"type":"number","description":"Max execution time","description_kind":"plain","optional":true},"max_session_lifetime":{"type":"number","description":"Max php session lifetime","description_kind":"plain","optional":true},"memory_limit":{"type":"number","description":"Memory limit","description_kind":"plain","optional":true},"phpmyadmin_enable":{"type":"bool","description":"Enable phpmyadmin","description_kind":"plain","optional":true},"process_manager":{"type":"string","description":"PHP process manager","description_kind":"plain","optional":true},"system_id":{"type":"string","description":"The ID of the system where to install this cookbook.","description_kind":"plain","required":true},"upload_max_filesize":{"type":"number","description":"Max upload filesize","description_kind":"plain","optional":true},"versions":{"type":["list","string"],"description":"PHP versions","description_kind":"plain","required":true}},"block_types":{"timeouts":{"nesting_mode":"single","block":{"attributes":{"create":{"type":"string","description_kind":"plain","optional":true}},"description_kind":"plain"}}},"description_kind":"plain"}},"level27_cookbook_postfix":{"version":0,"block":{"attributes":{"contentfilter":{"type":"bool","description":"Content filter","description_kind":"plain","optional":true},"cookbook_id":{"type":"string","description_kind":"plain","computed":true},"id":{"type":"string","description_kind":"plain","optional":true,"computed":true},"listening_address":{"type":"string","description":"Listening address of the mail server","description_kind":"plain","optional":true},"system_id":{"type":"string","description":"The ID of the system where to install this cookbook.","description_kind":"plain","required":true}},"block_types":{"timeouts":{"nesting_mode":"single","block":{"attributes":{"create":{"type":"string","description_kind":"plain","optional":true}},"description_kind":"plain"}}},"description_kind":"plain"}},"level27_cookbook_url":{"version":0,"block":{"attributes":{"backend_ip":{"type":"string","description":"Backend ip","description_kind":"plain","optional":true},"backend_port":{"type":"string","description":"Backend port","description_kind":"plain","optional":true},"cookbook_id":{"type":"string","description_kind":"plain","computed":true},"default_vhost":{"type":"bool","description":"Create default nginx vhost","description_kind":"plain","optional":true},"expected_traffic":{"type":"string","description":"Traffic","description_kind":"plain","optional":true},"id":{"type":"string","description_kind":"plain","optional":true,"computed":true},"max_upload_filesize":{"type":"number","description":"Max upload filesize","description_kind":"plain","optional":true},"proxy_service":{"type":"string","description":"Proxy service","description_kind":"plain","optional":true},"system_id":{"type":"string","description":"The ID of the system where to install this cookbook.","description_kind":"plain","required":true}},"block_types":{"timeouts":{"nesting_mode":"single","block":{"attributes":{"create":{"type":"string","description_kind":"plain","optional":true}},"description_kind":"plain"}}},"description_kind":"plain"}},"level27_cookbook_varnish":{"version":0,"block":{"attributes":{"admin_ip":{"type":"string","description":"Admin listen address","description_kind":"plain","optional":true},"admin_port":{"type":"string","description":"Admin port","description_kind":"plain","optional":true},"backend_ip":{"type":"string","description":"Backend ip address","description_kind":"plain","optional":true},"backend_port":{"type":"string","description":"Backend port","description_kind":"plain","optional":true},"cookbook_id":{"type":"string","description_kind":"plain","computed":true},"frontend_ip":{"type":"string","description":"Varnish listen address","description_kind":"plain","optional":true},"frontend_port":{"type":"string","description":"Varnish port","description_kind":"plain","optional":true},"id":{"type":"string","description_kind":"plain","optional":true,"computed":true},"storage_size":{"type":"string","description":"Cache size in MB","description_kind":"plain","optional":true},"system_id":{"type":"string","description":"The ID of the system where to install this cookbook.","description_kind":"plain","required":true}},"block_types":{"timeouts":{"nesting_mode":"single","block":{"attributes":{"create":{"type":"string","description_kind":"plain","optional":true}},"description_kind":"plain"}}},"description_kind":"plain"}},"level27_organisation":{"version":0,"block":{"attributes":{"id":{"type":"string","description_kind":"plain","optional":true,"computed":true},"name":{"type":"string","description":"The name of the organisation.","description_kind":"plain","required":true},"parent_organisation_id":{"type":"string","description":"The ID of the parent organisation.","description_kind":"plain","optional":true},"reseller_organisation_id":{"type":"string","description":"The ID of the reseller organisation.","description_kind":"plain","optional":true},"tax_number":{"type":"string","description":"Valid tax number for the organisation.","description_kind":"plain","required":true}},"description_kind":"plain"}},"level27_system":{"version":0,"block":{"attributes":{"auto_networks":{"type":["list","string"],"description":"The ID of the zone where to create the system.","description_kind":"plain","required":true},"cpu":{"type":"number","description":"The number of CPU's.","description_kind":"plain","required":true},"customer_fqdn":{"type":"string","description":"The customer fqdn of the system.","description_kind":"plain","optional":true},"customer_ipv4":{"type":["list","string"],"description_kind":"plain","computed":true},"customer_ipv6":{"type":["list","string"],"description_kind":"plain","computed":true},"disk":{"type":"number","description":"The amount of diskspace in GB.","description_kind":"plain","required":true},"fqdn":{"type":"string","description":"The fqdn of the system.","description_kind":"plain","computed":true},"id":{"type":"string","description_kind":"plain","optional":true,"computed":true},"internal_ipv4":{"type":["list","string"],"description_kind":"plain","computed":true},"internal_ipv6":{"type":["list","string"],"description_kind":"plain","computed":true},"management_type":{"type":"string","description":"The management type of the system.\nPossible values:\n  - basic\n  - professional\n  - enterprise\n  - professional_level27","description_kind":"plain","optional":true},"memory":{"type":"number","description":"The amount of memory in GB.","description_kind":"plain","required":true},"name":{"type":"string","description":"The name of the system.","description_kind":"plain","required":true},"organisation_id":{"type":"string","description":"The ID of the organisation that owns the system.","description_kind":"plain","required":true},"public_ipv4":{"type":["list","string"],"description_kind":"plain","computed":true},"public_ipv6":{"type":["list","string"],"description_kind":"plain","computed":true},"systemimage_id":{"type":"string","description":"The ID of the system image to use for creation.","description_kind":"plain","required":true},"systemprovider_configuration_id":{"type":"string","description":"The ID of the system provider to use for creation.","description_kind":"plain","required":true},"uid":{"type":"string","description":"The uid of the system.","description_kind":"plain","computed":true},"zone_id":{"type":"string","description":"The ID of the zone where to create the system.","description_kind":"plain","required":true}},"block_types":{"timeouts":{"nesting_mode":"single","block":{"attributes":{"create":{"type":"string","description_kind":"plain","optional":true}},"description_kind":"plain"}}},"description_kind":"plain"}}},"data_source_schemas":{"level27_network":{"version":0,"block":{"attributes":{"id":{"type":"string","description_kind":"plain","optional":true,"computed":true},"name":{"type":"string","description_kind":"plain","optional":true},"provider_id":{"type":"string","description_kind":"plain","optional":true},"zone_id":{"type":"string","description_kind":"plain","optional":true}},"description_kind":"plain"}},"level27_system_image":{"version":0,"block":{"attributes":{"id":{"type":"string","description_kind":"plain","optional":true,"computed":true},"name":{"type":"string","description":"The name of the system image.\nPossible values:\n  - Level27\n\t- ubuntu_1604lts_server\n\t- ubuntu_1804lts_server\n\t- ubuntu_2004lts_server","description_kind":"plain","optional":true},"provider_id":{"type":"string","description":"The ID for the system provider.","description_kind":"plain","required":true}},"description_kind":"plain"}},"level27_system_provider":{"version":0,"block":{"attributes":{"id":{"type":"string","description_kind":"plain","optional":true,"computed":true},"name":{"type":"string","description":"The name for the specified provider.\nPossible values:\n  - Level27","description_kind":"plain","required":true}},"description_kind":"plain"}},"level27_system_provider_configuration":{"version":0,"block":{"attributes":{"id":{"type":"string","description_kind":"plain","optional":true,"computed":true},"name":{"type":"string","description":"The name for the system configuration.\nPossible values:\n  - Level27\n\t- small\n\t- medium\n\t- large\n\t- flexible","description_kind":"plain","required":true},"provider_id":{"type":"string","description":"The ID for the system provider.","description_kind":"plain","required":true}},"description_kind":"plain"}},"level27_system_zone":{"version":0,"block":{"attributes":{"id":{"type":"string","description_kind":"plain","optional":true,"computed":true},"region_name":{"type":"string","description":"The region for the specified zone.  \nPossible values:  \n  - be (Default)\n  - ams\n  - blr\n  - eu-central-1\n  - eu-west-1\n  - fra\n  - lon\n  - nyc\n  - sfo\n  - sgp\n  - tor","description_kind":"plain","optional":true},"zone_name":{"type":"string","description":"The region for the specified zone.  \nPossible values:  \n  - be\n    - BRUIX1Z1 (Default)\n    - BRUIX1Z2\n\t- BRUIX2\n\t- BRUIX2-C\n  - ams\n\t- 2\n\t- 3\n  - blr\n    - 1\n  - eu-central-1\n\t- a\n\t- b\n\t- c\n  - eu-west-1\n\t- a\n\t- b\n\t- c\n  - fra\n    - 1\n  - lon\n\t- 1\n  - nyc\n\t- 1\n\t- 2\n    - 3\n  - sfo\n\t- 1\n\t- 2\n  - sgp\n    - 1\n  - tor\n    - 1","description_kind":"plain","optional":true}},"description_kind":"plain"}}}}}}
