{"format_version":"0.2","provider_schemas":{"registry.terraform.io/liatrio/harbor":{"provider":{"version":0,"block":{"attributes":{"password":{"type":"string","description_kind":"plain","required":true,"sensitive":true},"tls_insecure_skip_verify":{"type":"bool","description_kind":"plain","optional":true},"url":{"type":"string","description_kind":"plain","required":true},"username":{"type":"string","description_kind":"plain","required":true}},"description_kind":"plain"}},"resource_schemas":{"harbor_label":{"version":0,"block":{"attributes":{"color":{"type":"string","description":"Display color of the label.","description_kind":"plain","optional":true},"description":{"type":"string","description":"Description of the label.","description_kind":"plain","optional":true},"id":{"type":"string","description_kind":"plain","optional":true,"computed":true},"name":{"type":"string","description":"Display name of the label.","description_kind":"plain","required":true},"project_id":{"type":"string","description":"If set, the project the label will be created under. If not set, label will be global.","description_kind":"plain","optional":true}},"description_kind":"plain"}},"harbor_project":{"version":0,"block":{"attributes":{"auto_scan":{"type":"bool","description":"When true, it will auto scan on push.","description_kind":"plain","optional":true},"id":{"type":"string","description_kind":"plain","optional":true,"computed":true},"name":{"type":"string","description":"Display name of the project.","description_kind":"plain","required":true},"public":{"type":"bool","description":"When true, anyone has read permissions to repositories under this project.","description_kind":"plain","optional":true}},"description_kind":"plain"}},"harbor_robot_account":{"version":0,"block":{"attributes":{"description":{"type":"string","description":"A description of this robot account","description_kind":"plain","optional":true},"disabled":{"type":"bool","description":"If true, this robot account is disabled.","description_kind":"plain","optional":true},"expires_at":{"type":"string","description":"Sets the time at which this robot account will expire in UTC. If this isn't set the account will never expire.","description_kind":"plain","optional":true},"id":{"type":"string","description_kind":"plain","optional":true,"computed":true},"name":{"type":"string","description":"Name of the robot account, beginning with 'robot$'","description_kind":"plain","required":true},"project_id":{"type":"string","description":"ID of the project the robot account corresponds to in the form '/projects/${ID_NUMBER}'","description_kind":"plain","required":true},"token":{"type":"string","description_kind":"plain","computed":true,"sensitive":true}},"block_types":{"access":{"nesting_mode":"set","block":{"attributes":{"action":{"type":"string","description_kind":"plain","required":true},"resource":{"type":"string","description_kind":"plain","required":true}},"description_kind":"plain"},"min_items":1}},"description_kind":"plain"}},"harbor_webhook":{"version":0,"block":{"attributes":{"description":{"type":"string","description":"Contains a description of the webhook.","description_kind":"plain","optional":true},"enabled":{"type":"bool","description":"When true, webhooks are enabled.","description_kind":"plain","optional":true},"event_types":{"type":["set","string"],"description":"The list of events that will cause this webhook to trigger.","description_kind":"plain","required":true},"id":{"type":"string","description_kind":"plain","optional":true,"computed":true},"name":{"type":"string","description":"Display name of the webhook.","description_kind":"plain","required":true},"project_id":{"type":"string","description":"ID of the project the webhook corresponds to, in the form '/projects/${ID_NUMBER}'","description_kind":"plain","required":true}},"block_types":{"target":{"nesting_mode":"set","block":{"attributes":{"address":{"type":"string","description":"The webhook target address.","description_kind":"plain","required":true},"auth_header":{"type":"string","description":"The webhook auth header.","description_kind":"plain","optional":true},"skip_cert_verify":{"type":"bool","description":"If true, skips tls certificate verification of webhook target.","description_kind":"plain","optional":true},"type":{"type":"string","description":"The type of notification to send.","description_kind":"plain","required":true}},"description_kind":"plain"},"min_items":1}},"description_kind":"plain"}}}}}}
