{"format_version":"0.2","provider_schemas":{"registry.terraform.io/lifechurch/pingdom":{"provider":{"version":0,"block":{"attributes":{"api_token":{"type":"string","description_kind":"plain","optional":true}},"description_kind":"plain"}},"resource_schemas":{"pingdom_check":{"version":0,"block":{"attributes":{"encryption":{"type":"bool","description_kind":"plain","optional":true},"host":{"type":"string","description_kind":"plain","required":true},"id":{"type":"string","description_kind":"plain","optional":true,"computed":true},"integrationids":{"type":["set","number"],"description_kind":"plain","optional":true},"name":{"type":"string","description_kind":"plain","required":true},"notifyagainevery":{"type":"number","description_kind":"plain","optional":true},"notifywhenbackup":{"type":"bool","description_kind":"plain","optional":true,"computed":true},"password":{"type":"string","description_kind":"plain","optional":true},"paused":{"type":"bool","description_kind":"plain","optional":true},"port":{"type":"number","description_kind":"plain","optional":true,"computed":true},"postdata":{"type":"string","description_kind":"plain","optional":true},"probefilters":{"type":"string","description_kind":"plain","optional":true},"requestheaders":{"type":["map","string"],"description_kind":"plain","optional":true},"resolution":{"type":"number","description_kind":"plain","required":true},"sendnotificationwhendown":{"type":"number","description_kind":"plain","optional":true,"computed":true},"shouldcontain":{"type":"string","description_kind":"plain","optional":true},"shouldnotcontain":{"type":"string","description_kind":"plain","optional":true},"ssl_down_days_before":{"type":"number","description_kind":"plain","optional":true},"stringtoexpect":{"type":"string","description_kind":"plain","optional":true},"stringtosend":{"type":"string","description_kind":"plain","optional":true},"tags":{"type":"string","description_kind":"plain","optional":true},"teamids":{"type":["set","number"],"description_kind":"plain","optional":true},"type":{"type":"string","description_kind":"plain","required":true},"url":{"type":"string","description_kind":"plain","optional":true},"userids":{"type":["set","number"],"description_kind":"plain","optional":true},"username":{"type":"string","description_kind":"plain","optional":true}},"description_kind":"plain"}}}}}}
