{"format_version":"0.2","provider_schemas":{"registry.terraform.io/linkbynet/idefix":{"provider":{"version":0,"block":{"attributes":{"login":{"type":"string","description":"The login wich should be used. This can also be sourced from the `IDEFIX_LOGIN` environment variable.","description_kind":"plain","optional":true},"password":{"type":"string","description":"The password wich should be used. This can also be sourced from the `IDEFIX_PASSWORD` environment variable.","description_kind":"plain","optional":true,"sensitive":true},"url":{"type":"string","description":"This can be used to override the base URL for Idefix API. This can also be sourced from the `IDEFIX_URL` environment variable.","description_kind":"plain","optional":true}},"description_kind":"plain"}},"resource_schemas":{"idefix_ci":{"version":0,"block":{"attributes":{"comment":{"type":"string","description":"Comment.","description_kind":"plain","optional":true},"company_id":{"type":"number","description":"The company ID associated to the CI.","description_kind":"plain","required":true},"id":{"type":"string","description":"The ID of this resource.","description_kind":"plain","computed":true},"is_owner_lbn":{"type":"bool","description":"The owner of the CI.","description_kind":"plain","optional":true},"name":{"type":"string","description":"The name of this CI.","description_kind":"plain","required":true},"outsourcing_name":{"type":"string","description":"The Outsourcing level name.","description_kind":"plain","optional":true},"project_ids":{"type":["list","number"],"description":"The projects associated to the CI.","description_kind":"plain","required":true},"service_level_id":{"type":"number","description":"The Level of the service.","description_kind":"plain","optional":true},"team":{"type":"string","description":"The team in charge.","description_kind":"plain","optional":true},"type_id":{"type":"number","description":"The type of the CI.","description_kind":"plain","optional":true}},"block_types":{"key_dates":{"nesting_mode":"set","block":{"attributes":{"environment_ids":{"type":["list","number"],"description":"Environments of the CI.","description_kind":"plain","required":true},"function_ids":{"type":["list","number"],"description":"Functions of the CI.","description_kind":"plain","required":true}},"description":"Use And Key Date.","description_kind":"plain"}},"service_at":{"nesting_mode":"set","block":{"attributes":{"monitoring_tool":{"type":["list","number"],"description":"Monitoring Tool IDs.","description_kind":"plain","required":true},"required_services":{"type":["list","number"],"description":"Required Services IDs.","description_kind":"plain","required":true}},"description":"Services AT.","description_kind":"plain"}},"service_cloud":{"nesting_mode":"set","block":{"attributes":{"product_id":{"type":"number","description":"The Product ID of the CI.","description_kind":"plain","required":true},"region_id":{"type":"number","description":"The Region ID of the CI.","description_kind":"plain","required":true},"subscription_id":{"type":"number","description":"The Subscription ID of the CI.","description_kind":"plain","required":true}},"description":"Service Cloud.","description_kind":"plain"}}},"description":"Manages CI.","description_kind":"plain"}},"idefix_project":{"version":0,"block":{"attributes":{"company_id":{"type":"number","description":"The company ID associated to the CI.","description_kind":"plain","required":true},"id":{"type":"string","description":"The id of the project.","description_kind":"plain","computed":true},"name":{"type":"string","description":"The name of project (must be unique).","description_kind":"plain","required":true},"parent_id":{"type":"number","description":"The ID of the parent project.","description_kind":"plain","optional":true}},"description":"Manages project.","description_kind":"plain"}}},"data_source_schemas":{"idefix_ci":{"version":0,"block":{"attributes":{"comment":{"type":"string","description":"Comment.","description_kind":"plain","computed":true},"company_id":{"type":"number","description":"The company ID associated to the CI.","description_kind":"plain","computed":true},"id":{"type":"string","description":"The ID of this resource.","description_kind":"plain","required":true},"is_owner_lbn":{"type":"bool","description":"The owner of the CI.","description_kind":"plain","computed":true},"name":{"type":"string","description":"The name of this CI.","description_kind":"plain","computed":true},"outsourcing_name":{"type":"string","description":"The Outsourcing level name.","description_kind":"plain","computed":true},"project_ids":{"type":["list","number"],"description":"The projects associated to the CI.","description_kind":"plain","computed":true},"service_level_id":{"type":"number","description":"The Level of the service.","description_kind":"plain","computed":true},"team":{"type":"string","description":"The team in charge.","description_kind":"plain","computed":true},"type_id":{"type":"number","description":"The type of the CI.","description_kind":"plain","computed":true}},"description":"Use this data source to access information about an existing CI.","description_kind":"plain"}},"idefix_project":{"version":0,"block":{"attributes":{"company_id":{"type":"number","description":"The company ID.","description_kind":"plain","computed":true},"id":{"type":"number","description":"The ID of this resource.","description_kind":"plain","required":true},"name":{"type":"string","description":"The name of the project.","description_kind":"plain","computed":true},"parent_id":{"type":"number","description":"The ID of the parent project.","description_kind":"plain","computed":true}},"description":"Use this data source to access information about an existing Project.","description_kind":"plain"}},"idefix_projects":{"version":0,"block":{"attributes":{"id":{"type":"string","description":"The ID of this resource.","description_kind":"plain","computed":true},"name_filter":{"type":"string","description":"Name to filter the list of projects.","description_kind":"plain","required":true},"projects":{"type":["list",["object",{"id":"number","name":"string"}]],"description":"The projects list.","description_kind":"plain","computed":true}},"description":"Use this data source to access information about existing Projects.","description_kind":"plain"}}}}}}
