{"format_version":"0.2","provider_schemas":{"registry.terraform.io/linkpoolio/chainlink":{"provider":{"version":0,"block":{"attributes":{"email":{"type":"string","description":"Node email address","description_kind":"plain","optional":true},"password":{"type":"string","description":"Node password","description_kind":"plain","optional":true},"url":{"type":"string","description":"The node url address","description_kind":"plain","optional":true}},"description_kind":"plain"}},"resource_schemas":{"chainlink_bridge":{"version":0,"block":{"attributes":{"chainlink_email":{"type":"string","description_kind":"plain","optional":true,"sensitive":true},"chainlink_password":{"type":"string","description_kind":"plain","optional":true,"sensitive":true},"chainlink_url":{"type":"string","description_kind":"plain","optional":true},"id":{"type":"string","description_kind":"plain","optional":true,"computed":true},"name":{"type":"string","description_kind":"plain","required":true},"url":{"type":"string","description_kind":"plain","required":true}},"description_kind":"plain"}},"chainlink_ocr_key":{"version":0,"block":{"attributes":{"chainlink_email":{"type":"string","description_kind":"plain","optional":true,"sensitive":true},"chainlink_password":{"type":"string","description_kind":"plain","optional":true,"sensitive":true},"chainlink_url":{"type":"string","description_kind":"plain","optional":true},"config_public_key":{"type":"string","description_kind":"plain","computed":true},"id":{"type":"string","description_kind":"plain","optional":true,"computed":true},"offchain_public_key":{"type":"string","description_kind":"plain","computed":true},"onchain_signing_address":{"type":"string","description_kind":"plain","computed":true}},"description_kind":"plain"}},"chainlink_p2p_key":{"version":0,"block":{"attributes":{"chainlink_email":{"type":"string","description_kind":"plain","optional":true,"sensitive":true},"chainlink_password":{"type":"string","description_kind":"plain","optional":true,"sensitive":true},"chainlink_url":{"type":"string","description_kind":"plain","optional":true},"id":{"type":"string","description_kind":"plain","optional":true,"computed":true},"peer_id":{"type":"string","description_kind":"plain","computed":true},"public_key":{"type":"string","description_kind":"plain","computed":true}},"description_kind":"plain"}},"chainlink_spec":{"version":0,"block":{"attributes":{"chainlink_email":{"type":"string","description_kind":"plain","optional":true,"sensitive":true},"chainlink_password":{"type":"string","description_kind":"plain","optional":true,"sensitive":true},"chainlink_url":{"type":"string","description_kind":"plain","optional":true},"id":{"type":"string","description_kind":"plain","optional":true,"computed":true},"json":{"type":"string","description_kind":"plain","required":true},"spec_id":{"type":"string","description_kind":"plain","computed":true}},"description_kind":"plain"}},"chainlink_spec_v2":{"version":0,"block":{"attributes":{"chainlink_email":{"type":"string","description_kind":"plain","optional":true,"sensitive":true},"chainlink_password":{"type":"string","description_kind":"plain","optional":true,"sensitive":true},"chainlink_url":{"type":"string","description_kind":"plain","optional":true},"id":{"type":"string","description_kind":"plain","optional":true,"computed":true},"spec_id":{"type":"string","description_kind":"plain","computed":true},"toml":{"type":"string","description_kind":"plain","required":true}},"description_kind":"plain"}}},"data_source_schemas":{"chainlink_wallet":{"version":0,"block":{"attributes":{"address":{"type":"string","description_kind":"plain","computed":true},"chainlink_email":{"type":"string","description_kind":"plain","optional":true,"sensitive":true},"chainlink_password":{"type":"string","description_kind":"plain","optional":true,"sensitive":true},"chainlink_url":{"type":"string","description_kind":"plain","optional":true},"id":{"type":"string","description_kind":"plain","optional":true,"computed":true}},"description_kind":"plain"}}}}}}
