{"format_version":"0.2","provider_schemas":{"registry.terraform.io/ljfranklin/unifi":{"provider":{"version":0,"block":{"attributes":{"allow_insecure":{"type":"bool","description":"Skip verification of TLS certificates of API requests. You may need to set this to `true` if you are using your local API without setting up a signed certificate. Can be specified with the `UNIFI_INSECURE` environment variable.","description_kind":"markdown","optional":true},"api_url":{"type":"string","description":"URL of the controller API. Can be specified with the `UNIFI_API` environment variable. You should **NOT** supply the path (`/api`), the SDK will discover the appropriate paths. This is to support UDM Pro style API paths as well as more standard controller paths.","description_kind":"markdown","optional":true},"password":{"type":"string","description":"Password for the user accessing the API. Can be specified with the `UNIFI_PASSWORD` environment variable.","description_kind":"markdown","optional":true},"site":{"type":"string","description":"The site in the Unifi controller this provider will manage. Can be specified with the `UNIFI_SITE` environment variable. Default: `default`","description_kind":"markdown","optional":true},"username":{"type":"string","description":"Local user name for the Unifi controller API. Can be specified with the `UNIFI_USERNAME` environment variable.","description_kind":"markdown","optional":true}},"description_kind":"plain"}},"resource_schemas":{"unifi_firewall_group":{"version":0,"block":{"attributes":{"id":{"type":"string","description":"The ID of the firewall group.","description_kind":"markdown","computed":true},"members":{"type":["set","string"],"description":"The members of the firewall group.","description_kind":"markdown","required":true},"name":{"type":"string","description":"The name of the firewall group.","description_kind":"markdown","required":true},"site":{"type":"string","description":"The name of the site to associate the firewall group with.","description_kind":"markdown","optional":true,"computed":true},"type":{"type":"string","description":"The type of the firewall group. Must be one of: `address-group`, `port-group`, or `ipv6-address-group`.","description_kind":"markdown","required":true}},"description":"`unifi_firewall_group` manages groups of addresses or ports for use in firewall rules (`unifi_firewall_rule`).","description_kind":"markdown"}},"unifi_firewall_rule":{"version":0,"block":{"attributes":{"action":{"type":"string","description":"The action of the firewall rule. Must be one of `drop`, `accept`, or `reject`.","description_kind":"markdown","required":true},"dst_address":{"type":"string","description":"The destination address of the firewall rule.","description_kind":"markdown","optional":true},"dst_firewall_group_ids":{"type":["set","string"],"description":"The destination firewall group IDs of the firewall rule.","description_kind":"markdown","optional":true},"dst_network_id":{"type":"string","description":"The destination network ID of the firewall rule.","description_kind":"markdown","optional":true},"dst_network_type":{"type":"string","description":"The destination network type of the firewall rule. Can be one of `ADDRv4` or `NETv4`. Defaults to `NETv4`.","description_kind":"markdown","optional":true},"dst_port":{"type":"string","description":"The destination port of the firewall rule.","description_kind":"markdown","optional":true},"icmp_typename":{"type":"string","description":"ICMP type name.","description_kind":"markdown","optional":true},"id":{"type":"string","description":"The ID of the firewall rule.","description_kind":"markdown","computed":true},"ip_sec":{"type":"string","description":"Specify whether the rule matches on IPsec packets. Can be one of `match-ipset` or `match-none`.","description_kind":"markdown","optional":true},"logging":{"type":"bool","description":"Enable logging for the firewall rule.","description_kind":"markdown","optional":true},"name":{"type":"string","description":"The name of the firewall rule.","description_kind":"markdown","required":true},"protocol":{"type":"string","description":"The protocol of the rule.","description_kind":"markdown","required":true},"rule_index":{"type":"number","description":"The index of the rule. Must be \u003e= 2000 \u003c 3000 or \u003e= 4000 \u003c 5000.","description_kind":"markdown","required":true},"ruleset":{"type":"string","description":"The ruleset for the rule. This is from the perspective of the security gateway. Must be one of `WAN_IN`, `WAN_OUT`, `WAN_LOCAL`, `LAN_IN`, `LAN_OUT`, `LAN_LOCAL`, `GUEST_IN`, `GUEST_OUT`, `GUEST_LOCAL`, `WANv6_IN`, `WANv6_OUT`, `WANv6_LOCAL`, `LANv6_IN`, `LANv6_OUT`, `LANv6_LOCAL`, `GUESTv6_IN`, `GUESTv6_OUT`, or `GUESTv6_LOCAL`.","description_kind":"markdown","required":true},"site":{"type":"string","description":"The name of the site to associate the firewall rule with.","description_kind":"markdown","optional":true,"computed":true},"src_address":{"type":"string","description":"The source address for the firewall rule.","description_kind":"markdown","optional":true},"src_firewall_group_ids":{"type":["set","string"],"description":"The source firewall group IDs for the firewall rule.","description_kind":"markdown","optional":true},"src_mac":{"type":"string","description":"The source MAC address of the firewall rule.","description_kind":"markdown","optional":true},"src_network_id":{"type":"string","description":"The source network ID for the firewall rule.","description_kind":"markdown","optional":true},"src_network_type":{"type":"string","description":"The source network type of the firewall rule. Can be one of `ADDRv4` or `NETv4`. Defaults to `NETv4`.","description_kind":"markdown","optional":true},"state_established":{"type":"bool","description":"Match where the state is established.","description_kind":"markdown","optional":true},"state_invalid":{"type":"bool","description":"Match where the state is invalid.","description_kind":"markdown","optional":true},"state_new":{"type":"bool","description":"Match where the state is new.","description_kind":"markdown","optional":true},"state_related":{"type":"bool","description":"Match where the state is related.","description_kind":"markdown","optional":true}},"description":"`unifi_firewall_rule` manages an individual firewall rule on the gateway.","description_kind":"markdown"}},"unifi_network":{"version":0,"block":{"attributes":{"dhcp_dns":{"type":["list","string"],"description":"Specifies the IPv4 addresses for the DNS server to be returned from the DHCP server. Leave blank to disable this feature.","description_kind":"markdown","optional":true},"dhcp_enabled":{"type":"bool","description":"Specifies whether DHCP is enabled or not on this network.","description_kind":"markdown","optional":true},"dhcp_lease":{"type":"number","description":"Specifies the lease time for DHCP addresses. Defaults to `86400`.","description_kind":"markdown","optional":true},"dhcp_start":{"type":"string","description":"The IPv4 address where the DHCP range of addresses starts.","description_kind":"markdown","optional":true},"dhcp_stop":{"type":"string","description":"The IPv4 address where the DHCP range of addresses stops.","description_kind":"markdown","optional":true},"domain_name":{"type":"string","description":"The domain name of this network.","description_kind":"markdown","optional":true},"id":{"type":"string","description":"The ID of the network.","description_kind":"markdown","computed":true},"igmp_snooping":{"type":"bool","description":"Specifies whether IGMP snooping is enabled or not.","description_kind":"markdown","optional":true},"ipv6_interface_type":{"type":"string","description":"Specifies which type of IPv6 connection to use. Defaults to `none`.","description_kind":"markdown","optional":true},"ipv6_pd_interface":{"type":"string","description":"Specifies which WAN interface to use for IPv6 PD.","description_kind":"markdown","optional":true},"ipv6_pd_prefixid":{"type":"string","description":"Specifies the IPv6 Prefix ID.","description_kind":"markdown","optional":true},"ipv6_ra_enable":{"type":"bool","description":"Specifies whether to enable router advertisements or not.","description_kind":"markdown","optional":true},"ipv6_static_subnet":{"type":"string","description":"Specifies the static IPv6 subnet when ipv6_interface_type is 'static'.","description_kind":"markdown","optional":true},"name":{"type":"string","description":"The name of the network.","description_kind":"markdown","required":true},"network_group":{"type":"string","description":"The group of the network. Defaults to `LAN`.","description_kind":"markdown","optional":true},"purpose":{"type":"string","description":"The purpose of the network. Must be one of `corporate`, `guest`, `wan`, or `vlan-only`.","description_kind":"markdown","required":true},"site":{"type":"string","description":"The name of the site to associate the network with.","description_kind":"markdown","optional":true,"computed":true},"subnet":{"type":"string","description":"The subnet of the network. Must be a valid CIDR address.","description_kind":"markdown","optional":true},"vlan_id":{"type":"number","description":"The VLAN ID of the network.","description_kind":"markdown","optional":true},"wan_egress_qos":{"type":"number","description":"Specifies the WAN egress quality of service. Defaults to `0`.","description_kind":"markdown","optional":true},"wan_ip":{"type":"string","description":"The IPv4 address of the WAN.","description_kind":"markdown","optional":true},"wan_networkgroup":{"type":"string","description":"Specifies the WAN network group. Must be one of either `WAN`, `WAN2` or `WAN_LTE_FAILOVER`.","description_kind":"markdown","optional":true},"wan_type":{"type":"string","description":"Specifies the IPV4 WAN connection type. Must be one of either `disabled`, `static`, `dhcp`, or `pppoe`.","description_kind":"markdown","optional":true},"wan_username":{"type":"string","description":"Specifies the IPV4 WAN username.","description_kind":"markdown","optional":true},"x_wan_password":{"type":"string","description":"Specifies the IPV4 WAN password.","description_kind":"markdown","optional":true}},"description":"`unifi_network` manages WAN/LAN/VLAN networks.","description_kind":"markdown"}},"unifi_port_forward":{"version":0,"block":{"attributes":{"dst_port":{"type":"string","description":"The destination port for the forwarding.","description_kind":"markdown","optional":true},"enabled":{"type":"bool","description":"Specifies whether the port forwarding rule is enabled or not. This will attribute will be removed in a future release. Instead of disabling a port forwarding rule you can remove it from your configuration.","description_kind":"markdown","deprecated":true,"optional":true},"fwd_ip":{"type":"string","description":"The IPv4 address to forward traffic to.","description_kind":"markdown","optional":true},"fwd_port":{"type":"string","description":"The port to forward traffic to.","description_kind":"markdown","optional":true},"id":{"type":"string","description":"The ID of the port forwarding rule.","description_kind":"markdown","computed":true},"log":{"type":"bool","description":"Specifies whether to log forwarded traffic or not. Defaults to `false`.","description_kind":"markdown","optional":true},"name":{"type":"string","description":"The name of the port forwarding rule.","description_kind":"markdown","optional":true},"port_forward_interface":{"type":"string","description":"The port forwarding interface. Can be `wan`, `wan2`, or `both`.","description_kind":"markdown","optional":true},"protocol":{"type":"string","description":"The protocol for the port forwarding rule. Can be `tcp`, `udp`, or `tcp_udp`. Defaults to `tcp_udp`.","description_kind":"markdown","optional":true},"site":{"type":"string","description":"The name of the site to associate the port forwarding rule with.","description_kind":"markdown","optional":true,"computed":true},"src_ip":{"type":"string","description":"The source IPv4 address (or CIDR) of the port forwarding rule. For all traffic, specify `any`. Defaults to `any`.","description_kind":"markdown","optional":true}},"description":"`unifi_port_forward` manages a port forwarding rule on the gateway.","description_kind":"markdown"}},"unifi_port_profile":{"version":0,"block":{"attributes":{"autoneg":{"type":"bool","description":"Enable link auto negotiation for the port profile. When set to `true` this overrides `speed`. Defaults to `true`.","description_kind":"markdown","optional":true},"dot1x_ctrl":{"type":"string","description":"The type of 802.1X control to use. Can be `auto`, `force_authorized`, `force_unauthorized`, `mac_based` or `multi_host`. Defaults to `force_authorized`.","description_kind":"markdown","optional":true},"dot1x_idle_timeout":{"type":"number","description":"The timeout, in seconds, to use when using the MAC Based 802.1X control. Can be between 0 and 65535 Defaults to `300`.","description_kind":"markdown","optional":true},"egress_rate_limit_kbps":{"type":"number","description":"The egress rate limit, in kpbs, for the port profile. Can be between `64` and `9999999`.","description_kind":"markdown","optional":true},"egress_rate_limit_kbps_enabled":{"type":"bool","description":"Enable egress rate limiting for the port profile. Defaults to `false`.","description_kind":"markdown","optional":true},"forward":{"type":"string","description":"The type  forwarding to use for the port profile. Can be `all`, `native`, `customize` or `disabled`. Defaults to `native`.","description_kind":"markdown","optional":true},"full_duplex":{"type":"bool","description":"Enable full duplex for the port profile. Defaults to `false`.","description_kind":"markdown","optional":true},"id":{"type":"string","description":"The ID of the port profile.","description_kind":"markdown","computed":true},"isolation":{"type":"bool","description":"Enable port isolation for the port profile. Defaults to `false`.","description_kind":"markdown","optional":true},"lldpmed_enabled":{"type":"bool","description":"Enable LLDP-MED for the port profile. Defaults to `true`.","description_kind":"markdown","optional":true},"lldpmed_notify_enabled":{"type":"bool","description":"Enable LLDP-MED topology change notifications for the port profile.","description_kind":"markdown","optional":true},"name":{"type":"string","description":"The name of the port profile.","description_kind":"markdown","optional":true},"native_networkconf_id":{"type":"string","description":"The ID of network to use as the main network on the port profile.","description_kind":"markdown","optional":true},"op_mode":{"type":"string","description":"The operation mode for the port profile. Can only be `switch` Defaults to `switch`.","description_kind":"markdown","optional":true},"poe_mode":{"type":"string","description":"The POE mode for the port profile. Can be one of `auto`, `passv24`, `passthrough` or `off`.","description_kind":"markdown","optional":true},"port_security_enabled":{"type":"bool","description":"Enable port security for the port profile. Defaults to `false`.","description_kind":"markdown","optional":true},"port_security_mac_address":{"type":["set","string"],"description":"The MAC addresses associated with the port security for the port profile.","description_kind":"markdown","optional":true},"priority_queue1_level":{"type":"number","description":"The priority queue 1 level for the port profile. Can be between 0 and 100.","description_kind":"markdown","optional":true},"priority_queue2_level":{"type":"number","description":"The priority queue 2 level for the port profile. Can be between 0 and 100.","description_kind":"markdown","optional":true},"priority_queue3_level":{"type":"number","description":"The priority queue 3 level for the port profile. Can be between 0 and 100.","description_kind":"markdown","optional":true},"priority_queue4_level":{"type":"number","description":"The priority queue 4 level for the port profile. Can be between 0 and 100.","description_kind":"markdown","optional":true},"site":{"type":"string","description":"The name of the site to associate the port profile with.","description_kind":"markdown","optional":true,"computed":true},"speed":{"type":"number","description":"The link speed to set for the port profile. Can be one of `10`, `100`, `1000`, `2500`, `5000`, `10000`, `20000`, `25000`, `40000`, `50000` or `100000`","description_kind":"markdown","optional":true},"stormctrl_bcast_enabled":{"type":"bool","description":"Enable broadcast Storm Control for the port profile. Defaults to `false`.","description_kind":"markdown","optional":true},"stormctrl_bcast_level":{"type":"number","description":"The broadcast Storm Control level for the port profile. Can be between 0 and 100.","description_kind":"markdown","optional":true},"stormctrl_bcast_rate":{"type":"number","description":"The broadcast Storm Control rate for the port profile. Can be between 0 and 14880000.","description_kind":"markdown","optional":true},"stormctrl_mcast_enabled":{"type":"bool","description":"Enable multicast Storm Control for the port profile. Defaults to `false`.","description_kind":"markdown","optional":true},"stormctrl_mcast_level":{"type":"number","description":"The multicast Storm Control level for the port profile. Can be between 0 and 100.","description_kind":"markdown","optional":true},"stormctrl_mcast_rate":{"type":"number","description":"The multicast Storm Control rate for the port profile. Can be between 0 and 14880000.","description_kind":"markdown","optional":true},"stormctrl_type":{"type":"string","description":"The type of Storm Control to use for the port profile. Can be one of `level` or `rate`.","description_kind":"markdown","optional":true},"stormctrl_ucast_enabled":{"type":"bool","description":"Enable unknown unicast Storm Control for the port profile. Defaults to `false`.","description_kind":"markdown","optional":true},"stormctrl_ucast_level":{"type":"number","description":"The unknown unicast Storm Control level for the port profile. Can be between 0 and 100.","description_kind":"markdown","optional":true},"stormctrl_ucast_rate":{"type":"number","description":"The unknown unicast Storm Control rate for the port profile. Can be between 0 and 14880000.","description_kind":"markdown","optional":true},"stp_port_mode":{"type":"bool","description":"Enable spanning tree protocol on the port profile. Defaults to `true`.","description_kind":"markdown","optional":true},"tagged_networkconf_ids":{"type":["set","string"],"description":"The IDs of networks to tag traffic with for the port profile.","description_kind":"markdown","optional":true},"voice_networkconf_id":{"type":"string","description":"The ID of network to use as the voice network on the port profile.","description_kind":"markdown","optional":true}},"description":"`unifi_port_profile` manages a port profile for use on network switches.","description_kind":"markdown"}},"unifi_site":{"version":0,"block":{"attributes":{"description":{"type":"string","description":"The description of the site.","description_kind":"markdown","required":true},"id":{"type":"string","description":"The ID of the site.","description_kind":"markdown","computed":true},"name":{"type":"string","description":"The name of the site.","description_kind":"markdown","computed":true}},"description":"`unifi_site` manages Unifi sites","description_kind":"markdown"}},"unifi_user":{"version":0,"block":{"attributes":{"allow_existing":{"type":"bool","description":"Specifies whether this resource should just take over control of an existing user. Defaults to `true`.","description_kind":"markdown","optional":true},"blocked":{"type":"bool","description":"Specifies whether this user should be blocked from the network.","description_kind":"markdown","optional":true},"fixed_ip":{"type":"string","description":"A fixed IPv4 address for this user.","description_kind":"markdown","optional":true},"hostname":{"type":"string","description":"The hostname of the user.","description_kind":"markdown","computed":true},"id":{"type":"string","description":"The ID of the user.","description_kind":"markdown","computed":true},"ip":{"type":"string","description":"The IP address of the user.","description_kind":"markdown","computed":true},"mac":{"type":"string","description":"The MAC address of the user.","description_kind":"markdown","required":true},"name":{"type":"string","description":"The name of the user.","description_kind":"markdown","required":true},"network_id":{"type":"string","description":"The network ID for this user.","description_kind":"markdown","optional":true},"note":{"type":"string","description":"A note with additional information for the user.","description_kind":"markdown","optional":true},"site":{"type":"string","description":"The name of the site to associate the user with.","description_kind":"markdown","optional":true,"computed":true},"skip_forget_on_destroy":{"type":"bool","description":"Specifies whether this resource should tell the controller to \"forget\" the user on destroy. Defaults to `false`.","description_kind":"markdown","optional":true},"user_group_id":{"type":"string","description":"The user group ID for the user.","description_kind":"markdown","optional":true}},"description":"`unifi_user` manages a user (or \"client\" in the UI) of the network, these are identified by unique MAC addresses.\n\nUsers are created in the controller when observed on the network, so the resource defaults to allowing itself to just take over management of a MAC address, but this can be turned off.","description_kind":"markdown"}},"unifi_user_group":{"version":0,"block":{"attributes":{"id":{"type":"string","description":"The ID of the user group.","description_kind":"markdown","computed":true},"name":{"type":"string","description":"The name of the user group.","description_kind":"markdown","required":true},"qos_rate_max_down":{"type":"number","description":"The QOS maximum download rate. Defaults to `-1`.","description_kind":"markdown","optional":true},"qos_rate_max_up":{"type":"number","description":"The QOS maximum upload rate. Defaults to `-1`.","description_kind":"markdown","optional":true},"site":{"type":"string","description":"The name of the site to associate the user group with.","description_kind":"markdown","optional":true,"computed":true}},"description":"`unifi_user_group` manages a user group (called \"client group\" in the UI), which can be used to limit bandwidth for groups of users.","description_kind":"markdown"}},"unifi_wlan":{"version":0,"block":{"attributes":{"ap_group_ids":{"type":["set","string"],"description":"IDs of the AP groups to use for this network.","description_kind":"markdown","optional":true},"hide_ssid":{"type":"bool","description":"Indicates whether or not to hide the SSID from broadcast.","description_kind":"markdown","optional":true},"id":{"type":"string","description":"The ID of the network.","description_kind":"markdown","computed":true},"is_guest":{"type":"bool","description":"Indicates that this is a guest WLAN and should use guest behaviors.","description_kind":"markdown","optional":true},"mac_filter_enabled":{"type":"bool","description":"Indicates whether or not the MAC filter is turned of for the network.","description_kind":"markdown","optional":true},"mac_filter_list":{"type":["set","string"],"description":"List of MAC addresses to filter (only valid if `mac_filter_enabled` is `true`).","description_kind":"markdown","optional":true},"mac_filter_policy":{"type":"string","description":"MAC address filter policy (only valid if `mac_filter_enabled` is `true`). Defaults to `deny`.","description_kind":"markdown","optional":true},"multicast_enhance":{"type":"bool","description":"Indicates whether or not Multicast Enhance is turned of for the network.","description_kind":"markdown","optional":true},"name":{"type":"string","description":"The SSID of the network.","description_kind":"markdown","required":true},"network_id":{"type":"string","description":"ID of the network for this SSID","description_kind":"markdown","optional":true},"no2ghz_oui":{"type":"bool","description":"Connect high performance clients to 5 GHz only Defaults to `true`.","description_kind":"markdown","optional":true},"passphrase":{"type":"string","description":"The passphrase for the network, this is only required if `security` is not set to `open`.","description_kind":"markdown","optional":true,"sensitive":true},"radius_profile_id":{"type":"string","description":"ID of the RADIUS profile to use when security `wpaeap`. You can query this via the `unifi_radius_profile` data source.","description_kind":"markdown","optional":true},"security":{"type":"string","description":"The type of WiFi security for this network. Valid values are: `wpapsk`, `wpaeap`, and `open`.","description_kind":"markdown","required":true},"site":{"type":"string","description":"The name of the site to associate the wlan with.","description_kind":"markdown","optional":true,"computed":true},"user_group_id":{"type":"string","description":"ID of the user group to use for this network.","description_kind":"markdown","required":true},"vlan_id":{"type":"number","description":"VLAN ID for the network. Set network_id instead of vlan_id for controller version \u003e= 6.","description_kind":"markdown","deprecated":true,"optional":true},"wlan_band":{"type":"string","description":"Radio band your WiFi network will use.","description_kind":"markdown","optional":true},"wlan_group_id":{"type":"string","description":"ID of the WLAN group to use for this network. Set ap_group_ids instead of wlan_group_id for controller version \u003e= 6.","description_kind":"markdown","deprecated":true,"optional":true}},"block_types":{"schedule":{"nesting_mode":"list","block":{"attributes":{"block_end":{"type":"string","description":"Time of day to end the block.","description_kind":"markdown","required":true},"block_start":{"type":"string","description":"Time of day to start the block.","description_kind":"markdown","required":true},"day_of_week":{"type":"string","description":"Day of week for the block. Valid values are `sun`, `mon`, `tue`, `wed`, `thu`, `fri`, `sat`.","description_kind":"markdown","required":true}},"description":"Start and stop schedules for the WLAN","description_kind":"markdown"}}},"description":"`unifi_wlan` manages a WiFi network / SSID.","description_kind":"markdown"}}},"data_source_schemas":{"unifi_ap_group":{"version":0,"block":{"attributes":{"id":{"type":"string","description":"The ID of this AP group.","description_kind":"markdown","computed":true},"name":{"type":"string","description":"The name of the AP group to look up, leave blank to look up the default AP group.","description_kind":"markdown","optional":true},"site":{"type":"string","description":"The name of the site the AP group is associated with.","description_kind":"markdown","optional":true,"computed":true}},"description":"`unifi_ap_group` data source can be used to retrieve the ID for an AP group by name.","description_kind":"markdown"}},"unifi_port_profile":{"version":0,"block":{"attributes":{"id":{"type":"string","description":"The ID of this port profile.","description_kind":"markdown","computed":true},"name":{"type":"string","description":"The name of the port profile to look up. Defaults to `All`.","description_kind":"markdown","optional":true},"site":{"type":"string","description":"The name of the site the port profile is associated with.","description_kind":"markdown","optional":true,"computed":true}},"description":"`unifi_port_profile` data source can be used to retrieve the ID for a port profile by name.","description_kind":"markdown"}},"unifi_radius_profile":{"version":0,"block":{"attributes":{"id":{"type":"string","description":"The ID of this AP group.","description_kind":"markdown","computed":true},"name":{"type":"string","description":"The name of the RADIUS profile to look up. Defaults to `Default`.","description_kind":"markdown","optional":true},"site":{"type":"string","description":"The name of the site the radius profile is associated with.","description_kind":"markdown","optional":true,"computed":true}},"description":"`unifi_radius_profile` data source can be used to retrieve the ID for a RADIUS profile by name.","description_kind":"markdown"}},"unifi_user_group":{"version":0,"block":{"attributes":{"id":{"type":"string","description":"The ID of this AP group.","description_kind":"markdown","computed":true},"name":{"type":"string","description":"The name of the user group to look up. Defaults to `Default`.","description_kind":"markdown","optional":true},"qos_rate_max_down":{"type":"number","description_kind":"plain","computed":true},"qos_rate_max_up":{"type":"number","description_kind":"plain","computed":true},"site":{"type":"string","description":"The name of the site the user group is associated with.","description_kind":"markdown","optional":true,"computed":true}},"description":"`unifi_user_group` data source can be used to retrieve the ID for a user group by name.","description_kind":"markdown"}},"unifi_wlan_group":{"version":0,"block":{"attributes":{"id":{"type":"string","description":"The ID of this AP group.","description_kind":"markdown","computed":true},"name":{"type":"string","description":"The name of the WLAN group to look up. Defaults to `Default`.","description_kind":"markdown","optional":true},"site":{"type":"string","description":"The name of the site the wlan group is associated with.","description_kind":"markdown","optional":true,"computed":true}},"description":"`unifi_wlan_group` data source can be used to retrieve the ID for a WLAN group by name.\n\nPlease note that WLAN Groups are deprecated in v6 of the controller.","description_kind":"markdown","deprecated":true}}}}}}
