{"format_version":"0.2","provider_schemas":{"registry.terraform.io/loafoe/htpasswd":{"provider":{"version":0,"block":{"description_kind":"plain"}},"resource_schemas":{"htpasswd_password":{"version":0,"block":{"attributes":{"apr1":{"type":"string","description_kind":"plain","computed":true},"bcrypt":{"type":"string","description_kind":"plain","computed":true},"id":{"type":"string","description_kind":"plain","optional":true,"computed":true},"password":{"type":"string","description_kind":"plain","required":true},"salt":{"type":"string","description_kind":"plain","optional":true},"sha512":{"type":"string","description_kind":"plain","computed":true}},"description_kind":"plain"}}}}}}
