{"format_version":"0.2","provider_schemas":{"registry.terraform.io/logdna/logdna":{"provider":{"version":0,"block":{"attributes":{"servicekey":{"type":"string","description_kind":"plain","required":true},"url":{"type":"string","description_kind":"plain","optional":true}},"description_kind":"plain"}},"resource_schemas":{"logdna_alert":{"version":0,"block":{"attributes":{"id":{"type":"string","description_kind":"plain","optional":true,"computed":true},"name":{"type":"string","description_kind":"plain","required":true}},"block_types":{"email_channel":{"nesting_mode":"list","block":{"attributes":{"emails":{"type":["list","string"],"description_kind":"plain","required":true},"immediate":{"type":"string","description_kind":"plain","optional":true},"operator":{"type":"string","description_kind":"plain","optional":true},"terminal":{"type":"string","description_kind":"plain","required":true},"timezone":{"type":"string","description_kind":"plain","optional":true},"triggerinterval":{"type":"string","description_kind":"plain","optional":true},"triggerlimit":{"type":"number","description_kind":"plain","required":true}},"description_kind":"plain"}},"pagerduty_channel":{"nesting_mode":"list","block":{"attributes":{"immediate":{"type":"string","description_kind":"plain","optional":true},"key":{"type":"string","description_kind":"plain","required":true},"operator":{"type":"string","description_kind":"plain","optional":true},"terminal":{"type":"string","description_kind":"plain","optional":true},"triggerinterval":{"type":"string","description_kind":"plain","optional":true},"triggerlimit":{"type":"number","description_kind":"plain","required":true}},"description_kind":"plain"}},"slack_channel":{"nesting_mode":"list","block":{"attributes":{"immediate":{"type":"string","description_kind":"plain","optional":true},"operator":{"type":"string","description_kind":"plain","optional":true},"terminal":{"type":"string","description_kind":"plain","optional":true},"triggerinterval":{"type":"string","description_kind":"plain","optional":true},"triggerlimit":{"type":"number","description_kind":"plain","required":true},"url":{"type":"string","description_kind":"plain","required":true}},"description_kind":"plain"}},"webhook_channel":{"nesting_mode":"list","block":{"attributes":{"bodytemplate":{"type":"string","description_kind":"plain","optional":true},"headers":{"type":["map","string"],"description_kind":"plain","optional":true},"immediate":{"type":"string","description_kind":"plain","optional":true},"method":{"type":"string","description_kind":"plain","optional":true},"operator":{"type":"string","description_kind":"plain","optional":true},"terminal":{"type":"string","description_kind":"plain","optional":true},"triggerinterval":{"type":"string","description_kind":"plain","required":true},"triggerlimit":{"type":"number","description_kind":"plain","required":true},"url":{"type":"string","description_kind":"plain","required":true}},"description_kind":"plain"}}},"description_kind":"plain"}},"logdna_archive":{"version":0,"block":{"attributes":{"id":{"type":"string","description_kind":"plain","optional":true,"computed":true},"integration":{"type":"string","description_kind":"plain","required":true}},"block_types":{"azblob_config":{"nesting_mode":"list","block":{"attributes":{"accountkey":{"type":"string","description_kind":"plain","required":true},"accountname":{"type":"string","description_kind":"plain","required":true}},"description_kind":"plain"},"max_items":1},"dos_config":{"nesting_mode":"list","block":{"attributes":{"accesskey":{"type":"string","description_kind":"plain","required":true},"endpoint":{"type":"string","description_kind":"plain","required":true},"secretkey":{"type":"string","description_kind":"plain","required":true},"space":{"type":"string","description_kind":"plain","required":true}},"description_kind":"plain"},"max_items":1},"gcs_config":{"nesting_mode":"list","block":{"attributes":{"bucket":{"type":"string","description_kind":"plain","required":true},"projectid":{"type":"string","description_kind":"plain","required":true}},"description_kind":"plain"},"max_items":1},"ibm_config":{"nesting_mode":"list","block":{"attributes":{"apikey":{"type":"string","description_kind":"plain","required":true},"bucket":{"type":"string","description_kind":"plain","required":true},"endpoint":{"type":"string","description_kind":"plain","required":true},"resourceinstanceid":{"type":"string","description_kind":"plain","required":true}},"description_kind":"plain"},"max_items":1},"s3_config":{"nesting_mode":"list","block":{"attributes":{"bucket":{"type":"string","description_kind":"plain","required":true}},"description_kind":"plain"},"max_items":1},"swift_config":{"nesting_mode":"list","block":{"attributes":{"authurl":{"type":"string","description_kind":"plain","required":true},"expires":{"type":"number","description_kind":"plain","optional":true},"password":{"type":"string","description_kind":"plain","required":true},"tenantname":{"type":"string","description_kind":"plain","required":true},"username":{"type":"string","description_kind":"plain","required":true}},"description_kind":"plain"},"max_items":1}},"description_kind":"plain"}},"logdna_ingestion_exclusion":{"version":0,"block":{"attributes":{"active":{"type":"bool","description_kind":"plain","optional":true},"apps":{"type":["list","string"],"description_kind":"plain","optional":true},"hosts":{"type":["list","string"],"description_kind":"plain","optional":true},"id":{"type":"string","description_kind":"plain","computed":true},"query":{"type":"string","description_kind":"plain","optional":true},"title":{"type":"string","description_kind":"plain","optional":true}},"description_kind":"plain"}},"logdna_stream_config":{"version":0,"block":{"attributes":{"brokers":{"type":["list","string"],"description_kind":"plain","required":true},"id":{"type":"string","description_kind":"plain","optional":true,"computed":true},"password":{"type":"string","description_kind":"plain","required":true,"sensitive":true},"status":{"type":"string","description_kind":"plain","computed":true},"topic":{"type":"string","description_kind":"plain","required":true},"user":{"type":"string","description_kind":"plain","required":true}},"description_kind":"plain"}},"logdna_stream_exclusion":{"version":0,"block":{"attributes":{"active":{"type":"bool","description_kind":"plain","optional":true},"apps":{"type":["list","string"],"description_kind":"plain","optional":true},"hosts":{"type":["list","string"],"description_kind":"plain","optional":true},"id":{"type":"string","description_kind":"plain","computed":true},"query":{"type":"string","description_kind":"plain","optional":true},"title":{"type":"string","description_kind":"plain","optional":true}},"description_kind":"plain"}},"logdna_view":{"version":0,"block":{"attributes":{"apps":{"type":["list","string"],"description_kind":"plain","optional":true},"categories":{"type":["list","string"],"description_kind":"plain","optional":true},"hosts":{"type":["list","string"],"description_kind":"plain","optional":true},"id":{"type":"string","description_kind":"plain","optional":true,"computed":true},"levels":{"type":["list","string"],"description_kind":"plain","optional":true},"name":{"type":"string","description_kind":"plain","required":true},"query":{"type":"string","description_kind":"plain","optional":true},"tags":{"type":["list","string"],"description_kind":"plain","optional":true}},"block_types":{"email_channel":{"nesting_mode":"list","block":{"attributes":{"emails":{"type":["list","string"],"description_kind":"plain","required":true},"immediate":{"type":"string","description_kind":"plain","optional":true},"operator":{"type":"string","description_kind":"plain","optional":true},"terminal":{"type":"string","description_kind":"plain","optional":true},"timezone":{"type":"string","description_kind":"plain","optional":true},"triggerinterval":{"type":"string","description_kind":"plain","optional":true},"triggerlimit":{"type":"number","description_kind":"plain","required":true}},"description_kind":"plain"}},"pagerduty_channel":{"nesting_mode":"list","block":{"attributes":{"immediate":{"type":"string","description_kind":"plain","optional":true},"key":{"type":"string","description_kind":"plain","required":true},"operator":{"type":"string","description_kind":"plain","optional":true},"terminal":{"type":"string","description_kind":"plain","optional":true},"triggerinterval":{"type":"string","description_kind":"plain","optional":true},"triggerlimit":{"type":"number","description_kind":"plain","required":true}},"description_kind":"plain"}},"slack_channel":{"nesting_mode":"list","block":{"attributes":{"immediate":{"type":"string","description_kind":"plain","optional":true},"operator":{"type":"string","description_kind":"plain","optional":true},"terminal":{"type":"string","description_kind":"plain","optional":true},"triggerinterval":{"type":"string","description_kind":"plain","optional":true},"triggerlimit":{"type":"number","description_kind":"plain","required":true},"url":{"type":"string","description_kind":"plain","required":true}},"description_kind":"plain"}},"webhook_channel":{"nesting_mode":"list","block":{"attributes":{"bodytemplate":{"type":"string","description_kind":"plain","optional":true},"headers":{"type":["map","string"],"description_kind":"plain","optional":true},"immediate":{"type":"string","description_kind":"plain","optional":true},"method":{"type":"string","description_kind":"plain","optional":true},"operator":{"type":"string","description_kind":"plain","optional":true},"terminal":{"type":"string","description_kind":"plain","optional":true},"triggerinterval":{"type":"string","description_kind":"plain","optional":true},"triggerlimit":{"type":"number","description_kind":"plain","required":true},"url":{"type":"string","description_kind":"plain","required":true}},"description_kind":"plain"}}},"description_kind":"plain"}}},"data_source_schemas":{"logdna_alert":{"version":0,"block":{"attributes":{"email_channel":{"type":["list",["object",{"emails":["list","string"],"immediate":"string","operator":"string","terminal":"string","timezone":"string","triggerinterval":"string","triggerlimit":"number"}]],"description_kind":"plain","computed":true},"id":{"type":"string","description_kind":"plain","optional":true,"computed":true},"name":{"type":"string","description_kind":"plain","computed":true},"pagerduty_channel":{"type":["list",["object",{"immediate":"string","key":"string","operator":"string","terminal":"string","triggerinterval":"string","triggerlimit":"number"}]],"description_kind":"plain","computed":true},"presetid":{"type":"string","description_kind":"plain","required":true},"slack_channel":{"type":["list",["object",{"immediate":"string","operator":"string","terminal":"string","triggerinterval":"string","triggerlimit":"number","url":"string"}]],"description_kind":"plain","computed":true},"webhook_channel":{"type":["list",["object",{"bodytemplate":"string","headers":["map","string"],"immediate":"string","method":"string","operator":"string","terminal":"string","triggerinterval":"string","triggerlimit":"number","url":"string"}]],"description_kind":"plain","computed":true}},"description_kind":"plain"}}}}}}
