{"format_version":"0.2","provider_schemas":{"registry.terraform.io/logicalclocks/hopsworksai":{"provider":{"version":0,"block":{"attributes":{"api_key":{"type":"string","description":"The API Key to use to connect to your account on Hopsworka.ai. Can be specified using the HOPSWORKSAI_API_KEY environment variable.","description_kind":"markdown","optional":true,"sensitive":true}},"description_kind":"plain"}},"resource_schemas":{"hopsworksai_backup":{"version":0,"block":{"attributes":{"backup_id":{"type":"string","description":"The backup id.","description_kind":"markdown","computed":true},"backup_name":{"type":"string","description":"The name to attach to this backup.","description_kind":"markdown","required":true},"cloud_provider":{"type":"string","description":"The backup cloud provider.","description_kind":"markdown","computed":true},"cluster_id":{"type":"string","description":"The id of the cluster for which you want to create a backup.","description_kind":"markdown","required":true},"creation_date":{"type":"string","description":"The creation date of the backup. The date is represented in RFC3339 format.","description_kind":"markdown","computed":true},"id":{"type":"string","description_kind":"plain","optional":true,"computed":true},"state":{"type":"string","description":"The backup state.","description_kind":"markdown","computed":true},"state_message":{"type":"string","description":"The backup state message.","description_kind":"markdown","computed":true}},"block_types":{"timeouts":{"nesting_mode":"single","block":{"attributes":{"create":{"type":"string","description_kind":"plain","optional":true},"delete":{"type":"string","description_kind":"plain","optional":true},"read":{"type":"string","description_kind":"plain","optional":true}},"description_kind":"plain"}}},"description":"Use this resource to create a backup for your Hopsworks.ai clusters. The cluster has to be stopped to create a backup.","description_kind":"markdown"}},"hopsworksai_cluster":{"version":0,"block":{"attributes":{"activation_state":{"type":"string","description":"The current activation state of the cluster.","description_kind":"markdown","computed":true},"attach_public_ip":{"type":"bool","description":"Attach or do not attach a public ip to the cluster. This can be useful if you intend to create a cluster in a private network. Defaults to `true`.","description_kind":"markdown","optional":true},"backup_retention_period":{"type":"number","description":"The validity of cluster backups in days. If set to 0 cluster backups are disabled. Defaults to `0`.","description_kind":"markdown","optional":true},"cluster_id":{"type":"string","description":"The Id of the cluster.","description_kind":"markdown","computed":true},"creation_date":{"type":"string","description":"The creation date of the cluster. The date is represented in RFC3339 format.","description_kind":"markdown","computed":true},"id":{"type":"string","description_kind":"plain","optional":true,"computed":true},"init_script":{"type":"string","description":"A bash script that will run on all nodes during their initialization (must start with #!/usr/bin/env bash)","description_kind":"markdown","optional":true},"issue_lets_encrypt_certificate":{"type":"bool","description":"Enable or disable issuing let's encrypt certificates. This can be used to disable issuing certificates if port 80 can not be open. Defaults to `true`.","description_kind":"markdown","optional":true},"managed_users":{"type":"bool","description":"Enable or disable Hopsworks.ai to manage your users. Defaults to `true`.","description_kind":"markdown","optional":true},"name":{"type":"string","description":"The name of the cluster, must be unique.","description_kind":"markdown","required":true},"os":{"type":"string","description":"The operating system to use for the instances. Supported systems are ubuntu in all regions and centos in some specific regions Defaults to `ubuntu`.","description_kind":"markdown","optional":true},"run_init_script_first":{"type":"bool","description":"Run the init script before any other node initialization. WARNING if your initscript interfere with the following node initialization the cluster may not start properly. Make sure that you know what you are doing.","description_kind":"markdown","optional":true},"ssh_key":{"type":"string","description":"The ssh key name that will be attached to this cluster.","description_kind":"markdown","required":true},"start_date":{"type":"string","description":"The starting date of the cluster. The date is represented in RFC3339 format.","description_kind":"markdown","computed":true},"state":{"type":"string","description":"The current state of the cluster.","description_kind":"markdown","computed":true},"tags":{"type":["map","string"],"description":"The list of custom tags to be attached to the cluster.","description_kind":"markdown","optional":true},"update_state":{"type":"string","description":"The action you can use to start or stop the cluster. Defaults to `none`.","description_kind":"markdown","optional":true},"upgrade_in_progress":{"type":["list",["object",{"from_version":"string","to_version":"string"}]],"description":"Information about ongoing cluster upgrade if any.","description_kind":"markdown","computed":true},"url":{"type":"string","description":"The url generated to access the cluster.","description_kind":"markdown","computed":true},"version":{"type":"string","description":"The version of the cluster. For existing clusters, you can change this attribute to upgrade to a newer version of Hopsworks. If the upgrade process ended up in an error state, you can always rollback to the old version by resetting this attribute to the old version. Defaults to `2.4.0`.","description_kind":"markdown","optional":true}},"block_types":{"autoscale":{"nesting_mode":"list","block":{"block_types":{"gpu_workers":{"nesting_mode":"list","block":{"attributes":{"disk_size":{"type":"number","description":"The disk size to use while auto scaling Defaults to `512`.","description_kind":"markdown","optional":true},"downscale_wait_time":{"type":"number","description":"The time to wait before removing unused resources. Defaults to `300`.","description_kind":"markdown","optional":true},"instance_type":{"type":"string","description":"The instance type to use while auto scaling.","description_kind":"markdown","required":true},"max_workers":{"type":"number","description":"The maximum number of workers created by auto scaling. Defaults to `10`.","description_kind":"markdown","optional":true},"min_workers":{"type":"number","description":"The minimum number of workers created by auto scaling. Defaults to `0`.","description_kind":"markdown","optional":true},"standby_workers":{"type":"number","description":"The percentage of workers to be always available during auto scaling. If you set this value to 0 new workers will only be added when a job or a notebook requests the resources. This attribute will not be taken into account if you set the minimum number of workers to 0 and no resources are used in the cluster, instead, it will start to take effect as soon as you start using resources. Defaults to `0.5`.","description_kind":"markdown","optional":true}},"block_types":{"spot_config":{"nesting_mode":"list","block":{"attributes":{"fall_back_on_demand":{"type":"bool","description":"Fall back to on demand instance if unable to allocate a spot instance Defaults to `true`.","description_kind":"markdown","optional":true},"max_price_percent":{"type":"number","description":"The maximum spot instance price in percentage of the on-demand price. Defaults to `100`.","description_kind":"markdown","optional":true}},"description":"The configuration to use spot instances","description_kind":"markdown"},"max_items":1}},"description":"Setup auto scaling for gpu nodes.","description_kind":"markdown"},"max_items":1},"non_gpu_workers":{"nesting_mode":"list","block":{"attributes":{"disk_size":{"type":"number","description":"The disk size to use while auto scaling Defaults to `512`.","description_kind":"markdown","optional":true},"downscale_wait_time":{"type":"number","description":"The time to wait before removing unused resources. Defaults to `300`.","description_kind":"markdown","optional":true},"instance_type":{"type":"string","description":"The instance type to use while auto scaling.","description_kind":"markdown","required":true},"max_workers":{"type":"number","description":"The maximum number of workers created by auto scaling. Defaults to `10`.","description_kind":"markdown","optional":true},"min_workers":{"type":"number","description":"The minimum number of workers created by auto scaling. Defaults to `0`.","description_kind":"markdown","optional":true},"standby_workers":{"type":"number","description":"The percentage of workers to be always available during auto scaling. If you set this value to 0 new workers will only be added when a job or a notebook requests the resources. This attribute will not be taken into account if you set the minimum number of workers to 0 and no resources are used in the cluster, instead, it will start to take effect as soon as you start using resources. Defaults to `0.5`.","description_kind":"markdown","optional":true}},"block_types":{"spot_config":{"nesting_mode":"list","block":{"attributes":{"fall_back_on_demand":{"type":"bool","description":"Fall back to on demand instance if unable to allocate a spot instance Defaults to `true`.","description_kind":"markdown","optional":true},"max_price_percent":{"type":"number","description":"The maximum spot instance price in percentage of the on-demand price. Defaults to `100`.","description_kind":"markdown","optional":true}},"description":"The configuration to use spot instances","description_kind":"markdown"},"max_items":1}},"description":"Setup auto scaling for non gpu nodes.","description_kind":"markdown"},"min_items":1,"max_items":1}},"description":"Setup auto scaling.","description_kind":"markdown"},"max_items":1},"aws_attributes":{"nesting_mode":"list","block":{"attributes":{"bucket_name":{"type":"string","description":"The name of the S3 bucket that the cluster will use to store data in.","description_kind":"markdown","required":true},"ecr_registry_account_id":{"type":"string","description":"The account id used for ECR. Defaults to the user's account id, inferred from the instance profille ARN.","description_kind":"markdown","optional":true,"computed":true},"eks_cluster_name":{"type":"string","description":"The name of the AWS EKS cluster.","description_kind":"markdown","optional":true},"instance_profile_arn":{"type":"string","description":"The ARN of the AWS instance profile that the cluster will be started with.","description_kind":"markdown","required":true},"region":{"type":"string","description":"The AWS region where the cluster will be created.","description_kind":"markdown","required":true}},"block_types":{"network":{"nesting_mode":"list","block":{"attributes":{"security_group_id":{"type":"string","description":"The security group id.","description_kind":"markdown","optional":true,"computed":true},"subnet_id":{"type":"string","description":"The subnet id.","description_kind":"markdown","required":true},"vpc_id":{"type":"string","description":"The VPC id.","description_kind":"markdown","required":true}},"description":"The network configurations.","description_kind":"markdown"},"max_items":1}},"description":"The configurations required to run the cluster on Amazon AWS.","description_kind":"markdown"},"max_items":1},"azure_attributes":{"nesting_mode":"list","block":{"attributes":{"acr_registry_name":{"type":"string","description":"The name of the ACR registry.","description_kind":"markdown","optional":true},"aks_cluster_name":{"type":"string","description":"The name of the AKS cluster.","description_kind":"markdown","optional":true},"location":{"type":"string","description":"The location where the cluster will be created.","description_kind":"markdown","required":true},"resource_group":{"type":"string","description":"The resource group where the cluster will be created.","description_kind":"markdown","required":true},"search_domain":{"type":"string","description":"The search domain to use for node address resolution. If not specified it will use the Azure default one (internal.cloudapp.net).  Use azure_attributes/network/search_domain instead.","description_kind":"markdown","deprecated":true,"optional":true,"computed":true},"storage_account":{"type":"string","description":"The azure storage account that the cluster will use to store data in.","description_kind":"markdown","required":true},"storage_container_name":{"type":"string","description":"The name of the azure storage container that the cluster will use to store data in. If not specified, it will be automatically generated.","description_kind":"markdown","optional":true,"computed":true},"user_assigned_managed_identity":{"type":"string","description":"The azure user assigned managed identity that the cluster will be started with.","description_kind":"markdown","required":true}},"block_types":{"network":{"nesting_mode":"list","block":{"attributes":{"resource_group":{"type":"string","description":"The resource group where the network resources reside. If not specified, the azure_attributes/resource_group will be used.","description_kind":"markdown","optional":true,"computed":true},"search_domain":{"type":"string","description":"The search domain to use for node address resolution. If not specified it will use the Azure default one (internal.cloudapp.net).","description_kind":"markdown","optional":true,"computed":true},"security_group_name":{"type":"string","description":"The security group name.","description_kind":"markdown","optional":true,"computed":true},"subnet_name":{"type":"string","description":"The subnet name.","description_kind":"markdown","required":true},"virtual_network_name":{"type":"string","description":"The virtual network name.","description_kind":"markdown","required":true}},"description":"The network configurations.","description_kind":"markdown"},"max_items":1}},"description":"The configurations required to run the cluster on Microsoft Azure.","description_kind":"markdown"},"max_items":1},"head":{"nesting_mode":"list","block":{"attributes":{"disk_size":{"type":"number","description":"The disk size of the head node in units of GB. Defaults to `512`.","description_kind":"markdown","optional":true},"instance_type":{"type":"string","description":"The instance type of the head node. Defaults to m5.2xlarge for AWS and Standard_D8_v3 for Azure.","description_kind":"markdown","optional":true,"computed":true}},"description":"The configurations of the head node of the cluster.","description_kind":"markdown"},"min_items":1,"max_items":1},"open_ports":{"nesting_mode":"list","block":{"attributes":{"feature_store":{"type":"bool","description":"Open the required ports to access the feature store from outside Hopsworks. Defaults to `false`.","description_kind":"markdown","optional":true},"kafka":{"type":"bool","description":"Open the required ports to access kafka from outside Hopsworks. Defaults to `false`.","description_kind":"markdown","optional":true},"online_feature_store":{"type":"bool","description":"Open the required ports to access the online feature store from outside Hopsworks. Defaults to `false`.","description_kind":"markdown","optional":true},"ssh":{"type":"bool","description":"Open the ssh port (22) to allow ssh access to your cluster. Defaults to `false`.","description_kind":"markdown","optional":true}},"description":"Open the required ports to communicate with one of the Hopsworks services.","description_kind":"markdown"},"max_items":1},"rondb":{"nesting_mode":"list","block":{"block_types":{"api_nodes":{"nesting_mode":"list","block":{"attributes":{"count":{"type":"number","description":"The number of API nodes. Defaults to `0`.","description_kind":"markdown","optional":true},"disk_size":{"type":"number","description":"The disk size of API nodes in units of GB Defaults to `30`.","description_kind":"markdown","optional":true},"instance_type":{"type":"string","description":"The instance type of the RonDB data node. Defaults to t3a.medium for AWS and Standard_D2s_v4 for Azure.","description_kind":"markdown","optional":true,"computed":true}},"description":"The configuration of API nodes.","description_kind":"markdown"},"max_items":1},"configuration":{"nesting_mode":"list","block":{"block_types":{"general":{"nesting_mode":"list","block":{"block_types":{"benchmark":{"nesting_mode":"list","block":{"attributes":{"grant_user_privileges":{"type":"bool","description":"This allow API nodes to have user privileges access to RonDB. This is needed mainly for benchmarking and for that you need API nodes. Defaults to `false`.","description_kind":"markdown","optional":true}},"description":"The configurations required to benchmark RonDB.","description_kind":"markdown"},"max_items":1}},"description":"The general configurations of RonDB.","description_kind":"markdown"},"max_items":1},"ndbd_default":{"nesting_mode":"list","block":{"attributes":{"replication_factor":{"type":"number","description":"The number of replicas created by RonDB for high availability. Defaults to `2`.","description_kind":"markdown","optional":true}},"description":"The configuration of RonDB data nodes.","description_kind":"markdown"},"max_items":1}},"description":"The configuration of RonDB.","description_kind":"markdown"},"max_items":1},"data_nodes":{"nesting_mode":"list","block":{"attributes":{"count":{"type":"number","description":"The number of data nodes. Notice that the number of RonDB data nodes have to be multiples of the replication_factor. Defaults to `2`.","description_kind":"markdown","optional":true},"disk_size":{"type":"number","description":"The disk size of data nodes in units of GB Defaults to `512`.","description_kind":"markdown","optional":true},"instance_type":{"type":"string","description":"The instance type of the RonDB data node. Defaults to t3a.xlarge for AWS and Standard_D4s_v4 for Azure.","description_kind":"markdown","optional":true,"computed":true}},"description":"The configuration of RonDB data nodes.","description_kind":"markdown"},"max_items":1},"management_nodes":{"nesting_mode":"list","block":{"attributes":{"count":{"type":"number","description":"The number of management nodes. Defaults to `1`.","description_kind":"markdown","optional":true},"disk_size":{"type":"number","description":"The disk size of management nodes in units of GB Defaults to `30`.","description_kind":"markdown","optional":true},"instance_type":{"type":"string","description":"The instance type of the RonDB management node. Defaults to t3a.medium for AWS and Standard_D2s_v4 for Azure.","description_kind":"markdown","optional":true,"computed":true}},"description":"The configuration of RonDB management nodes.","description_kind":"markdown"},"max_items":1},"mysql_nodes":{"nesting_mode":"list","block":{"attributes":{"count":{"type":"number","description":"The number of MySQL nodes. Defaults to `1`.","description_kind":"markdown","optional":true},"disk_size":{"type":"number","description":"The disk size of MySQL nodes in units of GB Defaults to `128`.","description_kind":"markdown","optional":true},"instance_type":{"type":"string","description":"The instance type of the RonDB data node. Defaults to t3a.medium for AWS and Standard_D2s_v4 for Azure.","description_kind":"markdown","optional":true,"computed":true}},"description":"The configuration of MySQL nodes.","description_kind":"markdown"},"max_items":1}},"description":"Setup a cluster with managed RonDB.","description_kind":"markdown"},"max_items":1},"timeouts":{"nesting_mode":"single","block":{"attributes":{"create":{"type":"string","description_kind":"plain","optional":true},"delete":{"type":"string","description_kind":"plain","optional":true},"read":{"type":"string","description_kind":"plain","optional":true},"update":{"type":"string","description_kind":"plain","optional":true}},"description_kind":"plain"}},"workers":{"nesting_mode":"set","block":{"attributes":{"count":{"type":"number","description":"The number of worker nodes. Defaults to `1`.","description_kind":"markdown","optional":true},"disk_size":{"type":"number","description":"The disk size of worker nodes in units of GB Defaults to `512`.","description_kind":"markdown","optional":true},"instance_type":{"type":"string","description":"The instance type of the worker nodes.","description_kind":"markdown","required":true}},"block_types":{"spot_config":{"nesting_mode":"list","block":{"attributes":{"fall_back_on_demand":{"type":"bool","description":"Fall back to on demand instance if unable to allocate a spot instance Defaults to `true`.","description_kind":"markdown","optional":true},"max_price_percent":{"type":"number","description":"The maximum spot instance price in percentage of the on-demand price. Defaults to `100`.","description_kind":"markdown","optional":true}},"description":"The configuration to use spot instances","description_kind":"markdown"},"max_items":1}},"description":"The configurations of worker nodes. You can add as many as you want of this block to create workers with different configurations.","description_kind":"markdown"}}},"description":"Use this resource to create, read, update, and delete clusters on Hopsworks.ai.","description_kind":"markdown"}},"hopsworksai_cluster_from_backup":{"version":0,"block":{"attributes":{"activation_state":{"type":"string","description":"The current activation state of the cluster.","description_kind":"markdown","computed":true},"attach_public_ip":{"type":"bool","description":"Attach or do not attach a public ip to the cluster. This can be useful if you intend to create a cluster in a private network.","description_kind":"markdown","computed":true},"backup_retention_period":{"type":"number","description":"The validity of cluster backups in days. If set to 0 cluster backups are disabled.","description_kind":"markdown","computed":true},"cluster_id":{"type":"string","description":"The Id of the cluster.","description_kind":"markdown","computed":true},"creation_date":{"type":"string","description":"The creation date of the cluster. The date is represented in RFC3339 format.","description_kind":"markdown","computed":true},"head":{"type":["list",["object",{"disk_size":"number","instance_type":"string"}]],"description":"The configurations of the head node of the cluster.","description_kind":"markdown","computed":true},"id":{"type":"string","description_kind":"plain","optional":true,"computed":true},"init_script":{"type":"string","description":"A bash script that will run on all nodes during their initialization (must start with #!/usr/bin/env bash)","description_kind":"markdown","computed":true},"issue_lets_encrypt_certificate":{"type":"bool","description":"Enable or disable issuing let's encrypt certificates. This can be used to disable issuing certificates if port 80 can not be open.","description_kind":"markdown","computed":true},"managed_users":{"type":"bool","description":"Enable or disable Hopsworks.ai to manage your users.","description_kind":"markdown","computed":true},"name":{"type":"string","description":"The name of the cluster, must be unique.","description_kind":"markdown","optional":true,"computed":true},"os":{"type":"string","description":"The operating system to use for the instances. Supported systems are ubuntu in all regions and centos in some specific regions","description_kind":"markdown","computed":true},"rondb":{"type":["list",["object",{"api_nodes":["list",["object",{"count":"number","disk_size":"number","instance_type":"string"}]],"configuration":["list",["object",{"general":["list",["object",{"benchmark":["list",["object",{"grant_user_privileges":"bool"}]]}]],"ndbd_default":["list",["object",{"replication_factor":"number"}]]}]],"data_nodes":["list",["object",{"count":"number","disk_size":"number","instance_type":"string"}]],"management_nodes":["list",["object",{"count":"number","disk_size":"number","instance_type":"string"}]],"mysql_nodes":["list",["object",{"count":"number","disk_size":"number","instance_type":"string"}]]}]],"description":"Setup a cluster with managed RonDB.","description_kind":"markdown","computed":true},"run_init_script_first":{"type":"bool","description":"Run the init script before any other node initialization. WARNING if your initscript interfere with the following node initialization the cluster may not start properly. Make sure that you know what you are doing.","description_kind":"markdown","computed":true},"source_backup_id":{"type":"string","description_kind":"plain","required":true},"ssh_key":{"type":"string","description":"The ssh key name that will be attached to this cluster.","description_kind":"markdown","optional":true,"computed":true},"start_date":{"type":"string","description":"The starting date of the cluster. The date is represented in RFC3339 format.","description_kind":"markdown","computed":true},"state":{"type":"string","description":"The current state of the cluster.","description_kind":"markdown","computed":true},"tags":{"type":["map","string"],"description":"The list of custom tags to be attached to the cluster.","description_kind":"markdown","optional":true,"computed":true},"update_state":{"type":"string","description":"The action you can use to start or stop the cluster. Defaults to `none`.","description_kind":"markdown","optional":true},"upgrade_in_progress":{"type":["list",["object",{"from_version":"string","to_version":"string"}]],"description":"Information about ongoing cluster upgrade if any.","description_kind":"markdown","computed":true},"url":{"type":"string","description":"The url generated to access the cluster.","description_kind":"markdown","computed":true},"version":{"type":"string","description":"The version of the cluster. For existing clusters, you can change this attribute to upgrade to a newer version of Hopsworks. If the upgrade process ended up in an error state, you can always rollback to the old version by resetting this attribute to the old version.","description_kind":"markdown","computed":true}},"block_types":{"autoscale":{"nesting_mode":"list","block":{"block_types":{"gpu_workers":{"nesting_mode":"list","block":{"attributes":{"disk_size":{"type":"number","description":"The disk size to use while auto scaling Defaults to `512`.","description_kind":"markdown","optional":true},"downscale_wait_time":{"type":"number","description":"The time to wait before removing unused resources. Defaults to `300`.","description_kind":"markdown","optional":true},"instance_type":{"type":"string","description":"The instance type to use while auto scaling.","description_kind":"markdown","required":true},"max_workers":{"type":"number","description":"The maximum number of workers created by auto scaling. Defaults to `10`.","description_kind":"markdown","optional":true},"min_workers":{"type":"number","description":"The minimum number of workers created by auto scaling. Defaults to `0`.","description_kind":"markdown","optional":true},"standby_workers":{"type":"number","description":"The percentage of workers to be always available during auto scaling. If you set this value to 0 new workers will only be added when a job or a notebook requests the resources. This attribute will not be taken into account if you set the minimum number of workers to 0 and no resources are used in the cluster, instead, it will start to take effect as soon as you start using resources. Defaults to `0.5`.","description_kind":"markdown","optional":true}},"block_types":{"spot_config":{"nesting_mode":"list","block":{"attributes":{"fall_back_on_demand":{"type":"bool","description":"Fall back to on demand instance if unable to allocate a spot instance Defaults to `true`.","description_kind":"markdown","optional":true},"max_price_percent":{"type":"number","description":"The maximum spot instance price in percentage of the on-demand price. Defaults to `100`.","description_kind":"markdown","optional":true}},"description":"The configuration to use spot instances","description_kind":"markdown"},"max_items":1}},"description":"Setup auto scaling for gpu nodes.","description_kind":"markdown"},"max_items":1},"non_gpu_workers":{"nesting_mode":"list","block":{"attributes":{"disk_size":{"type":"number","description":"The disk size to use while auto scaling Defaults to `512`.","description_kind":"markdown","optional":true},"downscale_wait_time":{"type":"number","description":"The time to wait before removing unused resources. Defaults to `300`.","description_kind":"markdown","optional":true},"instance_type":{"type":"string","description":"The instance type to use while auto scaling.","description_kind":"markdown","required":true},"max_workers":{"type":"number","description":"The maximum number of workers created by auto scaling. Defaults to `10`.","description_kind":"markdown","optional":true},"min_workers":{"type":"number","description":"The minimum number of workers created by auto scaling. Defaults to `0`.","description_kind":"markdown","optional":true},"standby_workers":{"type":"number","description":"The percentage of workers to be always available during auto scaling. If you set this value to 0 new workers will only be added when a job or a notebook requests the resources. This attribute will not be taken into account if you set the minimum number of workers to 0 and no resources are used in the cluster, instead, it will start to take effect as soon as you start using resources. Defaults to `0.5`.","description_kind":"markdown","optional":true}},"block_types":{"spot_config":{"nesting_mode":"list","block":{"attributes":{"fall_back_on_demand":{"type":"bool","description":"Fall back to on demand instance if unable to allocate a spot instance Defaults to `true`.","description_kind":"markdown","optional":true},"max_price_percent":{"type":"number","description":"The maximum spot instance price in percentage of the on-demand price. Defaults to `100`.","description_kind":"markdown","optional":true}},"description":"The configuration to use spot instances","description_kind":"markdown"},"max_items":1}},"description":"Setup auto scaling for non gpu nodes.","description_kind":"markdown"},"min_items":1,"max_items":1}},"description":"Setup auto scaling.","description_kind":"markdown"},"max_items":1},"aws_attributes":{"nesting_mode":"list","block":{"attributes":{"bucket_name":{"type":"string","description":"The name of the S3 bucket that the cluster will use to store data in.","description_kind":"markdown","computed":true},"ecr_registry_account_id":{"type":"string","description":"The account id used for ECR. Defaults to the user's account id, inferred from the instance profille ARN.","description_kind":"markdown","computed":true},"eks_cluster_name":{"type":"string","description":"The name of the AWS EKS cluster.","description_kind":"markdown","computed":true},"instance_profile_arn":{"type":"string","description":"The ARN of the AWS instance profile that the cluster will be started with.","description_kind":"markdown","optional":true,"computed":true},"region":{"type":"string","description":"The AWS region where the cluster will be created.","description_kind":"markdown","computed":true}},"block_types":{"network":{"nesting_mode":"list","block":{"attributes":{"security_group_id":{"type":"string","description":"The security group id.","description_kind":"markdown","optional":true,"computed":true},"subnet_id":{"type":"string","description":"The subnet id.","description_kind":"markdown","required":true},"vpc_id":{"type":"string","description":"The VPC id.","description_kind":"markdown","required":true}},"description":"The network configurations.","description_kind":"markdown"},"max_items":1}},"description":"The configurations required to run the cluster on Amazon AWS.","description_kind":"markdown"},"max_items":1},"azure_attributes":{"nesting_mode":"list","block":{"attributes":{"acr_registry_name":{"type":"string","description":"The name of the ACR registry.","description_kind":"markdown","computed":true},"aks_cluster_name":{"type":"string","description":"The name of the AKS cluster.","description_kind":"markdown","computed":true},"location":{"type":"string","description":"The location where the cluster will be created.","description_kind":"markdown","computed":true},"resource_group":{"type":"string","description":"The resource group where the cluster will be created.","description_kind":"markdown","computed":true},"search_domain":{"type":"string","description":"The search domain to use for node address resolution. If not specified it will use the Azure default one (internal.cloudapp.net).","description_kind":"markdown","computed":true},"storage_account":{"type":"string","description":"The azure storage account that the cluster will use to store data in.","description_kind":"markdown","computed":true},"storage_container_name":{"type":"string","description":"The name of the azure storage container that the cluster will use to store data in. If not specified, it will be automatically generated.","description_kind":"markdown","computed":true},"user_assigned_managed_identity":{"type":"string","description":"The azure user assigned managed identity that the cluster will be started with.","description_kind":"markdown","computed":true}},"block_types":{"network":{"nesting_mode":"list","block":{"attributes":{"resource_group":{"type":"string","description":"The resource group where the network resources reside. If not specified, the azure_attributes/resource_group will be used.","description_kind":"markdown","optional":true,"computed":true},"search_domain":{"type":"string","description":"The search domain to use for node address resolution. If not specified it will use the Azure default one (internal.cloudapp.net).","description_kind":"markdown","optional":true,"computed":true},"security_group_name":{"type":"string","description":"The security group name.","description_kind":"markdown","optional":true,"computed":true},"subnet_name":{"type":"string","description":"The subnet name.","description_kind":"markdown","required":true},"virtual_network_name":{"type":"string","description":"The virtual network name.","description_kind":"markdown","required":true}},"description":"The network configurations.","description_kind":"markdown"},"max_items":1}},"description":"The configurations required to run the cluster on Microsoft Azure.","description_kind":"markdown"},"max_items":1},"open_ports":{"nesting_mode":"list","block":{"attributes":{"feature_store":{"type":"bool","description":"Open the required ports to access the feature store from outside Hopsworks. Defaults to `false`.","description_kind":"markdown","optional":true},"kafka":{"type":"bool","description":"Open the required ports to access kafka from outside Hopsworks. Defaults to `false`.","description_kind":"markdown","optional":true},"online_feature_store":{"type":"bool","description":"Open the required ports to access the online feature store from outside Hopsworks. Defaults to `false`.","description_kind":"markdown","optional":true},"ssh":{"type":"bool","description":"Open the ssh port (22) to allow ssh access to your cluster. Defaults to `false`.","description_kind":"markdown","optional":true}},"description":"Open the required ports to communicate with one of the Hopsworks services.","description_kind":"markdown"},"max_items":1},"timeouts":{"nesting_mode":"single","block":{"attributes":{"create":{"type":"string","description_kind":"plain","optional":true},"delete":{"type":"string","description_kind":"plain","optional":true},"read":{"type":"string","description_kind":"plain","optional":true},"update":{"type":"string","description_kind":"plain","optional":true}},"description_kind":"plain"}},"workers":{"nesting_mode":"set","block":{"attributes":{"count":{"type":"number","description":"The number of worker nodes. Defaults to `1`.","description_kind":"markdown","optional":true},"disk_size":{"type":"number","description":"The disk size of worker nodes in units of GB Defaults to `512`.","description_kind":"markdown","optional":true},"instance_type":{"type":"string","description":"The instance type of the worker nodes.","description_kind":"markdown","required":true}},"block_types":{"spot_config":{"nesting_mode":"list","block":{"attributes":{"fall_back_on_demand":{"type":"bool","description":"Fall back to on demand instance if unable to allocate a spot instance Defaults to `true`.","description_kind":"markdown","optional":true},"max_price_percent":{"type":"number","description":"The maximum spot instance price in percentage of the on-demand price. Defaults to `100`.","description_kind":"markdown","optional":true}},"description":"The configuration to use spot instances","description_kind":"markdown"},"max_items":1}},"description":"The configurations of worker nodes. You can add as many as you want of this block to create workers with different configurations.","description_kind":"markdown"}}},"description":"Use this resource to create a cluster from an existing backup.","description_kind":"markdown"}}},"data_source_schemas":{"hopsworksai_aws_instance_profile_policy":{"version":0,"block":{"attributes":{"bucket_name":{"type":"string","description":"Limit permissions to this S3 bucket.","description_kind":"markdown","optional":true},"enable_backup":{"type":"bool","description":"Add permissions required to allow creating backups of your clusters. Defaults to `true`.","description_kind":"markdown","optional":true},"enable_cloud_watch":{"type":"bool","description":"Add permissions required to allow collecting your cluster logs using cloud watch. Defaults to `true`.","description_kind":"markdown","optional":true},"enable_eks_and_ecr":{"type":"bool","description":"Add permissions required to enable access to Amazon EKS and ECR from within your Hopsworks cluster. Defaults to `true`.","description_kind":"markdown","optional":true},"enable_storage":{"type":"bool","description":"Add permissions required to allow Hopsworks clusters to read and write from and to your aws S3 buckets. Defaults to `true`.","description_kind":"markdown","optional":true},"enable_upgrade":{"type":"bool","description":"Add permissions required to enable upgrade to newer versions of Hopsworks. Defaults to `true`.","description_kind":"markdown","optional":true},"id":{"type":"string","description_kind":"plain","optional":true,"computed":true},"json":{"type":"string","description":"The instance profile policy in JSON format.","description_kind":"markdown","computed":true}},"description":"Use this data source to get the aws instance profile policy needed by Hopsworks.ai","description_kind":"markdown"}},"hopsworksai_azure_user_assigned_identity_permissions":{"version":0,"block":{"attributes":{"actions":{"type":["list","string"],"description":"The actions permissions.","description_kind":"markdown","computed":true},"data_actions":{"type":["set","string"],"description":"The data actions permissions.","description_kind":"markdown","computed":true},"enable_aks_and_acr":{"type":"bool","description":"Add permissions required to enable access to Azure AKS and ACR from within your Hopsworks cluster. Defaults to `false`.","description_kind":"markdown","optional":true},"enable_backup":{"type":"bool","description":"Add permissions required to allow creating backups of your clusters. Defaults to `true`.","description_kind":"markdown","optional":true},"enable_storage":{"type":"bool","description":"Add permissions required to allow Hopsworks clusters to read and write from and to your azure storage accounts. Defaults to `true`.","description_kind":"markdown","optional":true},"enable_upgrade":{"type":"bool","description":"Add permissions required to enable upgrade to newer versions of Hopsworks. Defaults to `false`.","description_kind":"markdown","optional":true},"id":{"type":"string","description_kind":"plain","optional":true,"computed":true},"not_actions":{"type":["list","string"],"description":"The not actions permissions.","description_kind":"markdown","computed":true},"not_data_actions":{"type":["set","string"],"description":"The not data actions permissions.","description_kind":"markdown","computed":true}},"description":"Use this data source to get the azure user assigned identity permissions needed by Hopsworks.ai","description_kind":"markdown"}},"hopsworksai_backup":{"version":0,"block":{"attributes":{"backup_id":{"type":"string","description":"The backup id.","description_kind":"markdown","required":true},"backup_name":{"type":"string","description":"The name to attach to this backup.","description_kind":"markdown","computed":true},"cloud_provider":{"type":"string","description":"The backup cloud provider.","description_kind":"markdown","computed":true},"cluster_id":{"type":"string","description":"The id of the cluster for which you want to create a backup.","description_kind":"markdown","computed":true},"creation_date":{"type":"string","description":"The creation date of the backup. The date is represented in RFC3339 format.","description_kind":"markdown","computed":true},"id":{"type":"string","description_kind":"plain","optional":true,"computed":true},"state":{"type":"string","description":"The backup state.","description_kind":"markdown","computed":true},"state_message":{"type":"string","description":"The backup state message.","description_kind":"markdown","computed":true}},"description":"Use this data source to retrieve backup information using its id.","description_kind":"markdown"}},"hopsworksai_backups":{"version":0,"block":{"attributes":{"backups":{"type":["list",["object",{"backup_id":"string","backup_name":"string","cloud_provider":"string","cluster_id":"string","creation_date":"string","state":"string","state_message":"string"}]],"description":"The list of backups sorted based on creation date with latest created backup first.","description_kind":"markdown","computed":true},"cluster_id":{"type":"string","description":"The id of the cluster to retrieve its backups. If not set, all the backups are retrieved.","description_kind":"markdown","optional":true},"id":{"type":"string","description_kind":"plain","optional":true,"computed":true}},"description":"Use this data source to retrieve all your backups.","description_kind":"markdown"}},"hopsworksai_cluster":{"version":0,"block":{"attributes":{"activation_state":{"type":"string","description":"The current activation state of the cluster.","description_kind":"markdown","computed":true},"attach_public_ip":{"type":"bool","description":"Attach or do not attach a public ip to the cluster. This can be useful if you intend to create a cluster in a private network.","description_kind":"markdown","computed":true},"autoscale":{"type":["list",["object",{"gpu_workers":["list",["object",{"disk_size":"number","downscale_wait_time":"number","instance_type":"string","max_workers":"number","min_workers":"number","spot_config":["list",["object",{"fall_back_on_demand":"bool","max_price_percent":"number"}]],"standby_workers":"number"}]],"non_gpu_workers":["list",["object",{"disk_size":"number","downscale_wait_time":"number","instance_type":"string","max_workers":"number","min_workers":"number","spot_config":["list",["object",{"fall_back_on_demand":"bool","max_price_percent":"number"}]],"standby_workers":"number"}]]}]],"description":"Setup auto scaling.","description_kind":"markdown","computed":true},"aws_attributes":{"type":["list",["object",{"bucket_name":"string","ecr_registry_account_id":"string","eks_cluster_name":"string","instance_profile_arn":"string","network":["list",["object",{"security_group_id":"string","subnet_id":"string","vpc_id":"string"}]],"region":"string"}]],"description":"The configurations required to run the cluster on Amazon AWS.","description_kind":"markdown","computed":true},"azure_attributes":{"type":["list",["object",{"acr_registry_name":"string","aks_cluster_name":"string","location":"string","network":["list",["object",{"resource_group":"string","search_domain":"string","security_group_name":"string","subnet_name":"string","virtual_network_name":"string"}]],"resource_group":"string","search_domain":"string","storage_account":"string","storage_container_name":"string","user_assigned_managed_identity":"string"}]],"description":"The configurations required to run the cluster on Microsoft Azure.","description_kind":"markdown","computed":true},"backup_retention_period":{"type":"number","description":"The validity of cluster backups in days. If set to 0 cluster backups are disabled.","description_kind":"markdown","computed":true},"cluster_id":{"type":"string","description":"The Id of the cluster.","description_kind":"markdown","required":true},"creation_date":{"type":"string","description":"The creation date of the cluster. The date is represented in RFC3339 format.","description_kind":"markdown","computed":true},"head":{"type":["list",["object",{"disk_size":"number","instance_type":"string"}]],"description":"The configurations of the head node of the cluster.","description_kind":"markdown","computed":true},"id":{"type":"string","description_kind":"plain","optional":true,"computed":true},"init_script":{"type":"string","description":"A bash script that will run on all nodes during their initialization (must start with #!/usr/bin/env bash)","description_kind":"markdown","computed":true},"issue_lets_encrypt_certificate":{"type":"bool","description":"Enable or disable issuing let's encrypt certificates. This can be used to disable issuing certificates if port 80 can not be open.","description_kind":"markdown","computed":true},"managed_users":{"type":"bool","description":"Enable or disable Hopsworks.ai to manage your users.","description_kind":"markdown","computed":true},"name":{"type":"string","description":"The name of the cluster, must be unique.","description_kind":"markdown","computed":true},"open_ports":{"type":["list",["object",{"feature_store":"bool","kafka":"bool","online_feature_store":"bool","ssh":"bool"}]],"description":"Open the required ports to communicate with one of the Hopsworks services.","description_kind":"markdown","computed":true},"os":{"type":"string","description":"The operating system to use for the instances. Supported systems are ubuntu in all regions and centos in some specific regions","description_kind":"markdown","computed":true},"rondb":{"type":["list",["object",{"api_nodes":["list",["object",{"count":"number","disk_size":"number","instance_type":"string"}]],"configuration":["list",["object",{"general":["list",["object",{"benchmark":["list",["object",{"grant_user_privileges":"bool"}]]}]],"ndbd_default":["list",["object",{"replication_factor":"number"}]]}]],"data_nodes":["list",["object",{"count":"number","disk_size":"number","instance_type":"string"}]],"management_nodes":["list",["object",{"count":"number","disk_size":"number","instance_type":"string"}]],"mysql_nodes":["list",["object",{"count":"number","disk_size":"number","instance_type":"string"}]]}]],"description":"Setup a cluster with managed RonDB.","description_kind":"markdown","computed":true},"run_init_script_first":{"type":"bool","description":"Run the init script before any other node initialization. WARNING if your initscript interfere with the following node initialization the cluster may not start properly. Make sure that you know what you are doing.","description_kind":"markdown","computed":true},"ssh_key":{"type":"string","description":"The ssh key name that will be attached to this cluster.","description_kind":"markdown","computed":true},"start_date":{"type":"string","description":"The starting date of the cluster. The date is represented in RFC3339 format.","description_kind":"markdown","computed":true},"state":{"type":"string","description":"The current state of the cluster.","description_kind":"markdown","computed":true},"tags":{"type":["map","string"],"description":"The list of custom tags to be attached to the cluster.","description_kind":"markdown","computed":true},"update_state":{"type":"string","description":"The action you can use to start or stop the cluster.","description_kind":"markdown","computed":true},"upgrade_in_progress":{"type":["list",["object",{"from_version":"string","to_version":"string"}]],"description":"Information about ongoing cluster upgrade if any.","description_kind":"markdown","computed":true},"url":{"type":"string","description":"The url generated to access the cluster.","description_kind":"markdown","computed":true},"version":{"type":"string","description":"The version of the cluster. For existing clusters, you can change this attribute to upgrade to a newer version of Hopsworks. If the upgrade process ended up in an error state, you can always rollback to the old version by resetting this attribute to the old version.","description_kind":"markdown","computed":true},"workers":{"type":["set",["object",{"count":"number","disk_size":"number","instance_type":"string","spot_config":["list",["object",{"fall_back_on_demand":"bool","max_price_percent":"number"}]]}]],"description":"The configurations of worker nodes. You can add as many as you want of this block to create workers with different configurations.","description_kind":"markdown","computed":true}},"description":"Use this data source to get information about a cluster on Hopsworks.ai.","description_kind":"markdown"}},"hopsworksai_clusters":{"version":0,"block":{"attributes":{"clusters":{"type":["list",["object",{"activation_state":"string","attach_public_ip":"bool","autoscale":["list",["object",{"gpu_workers":["list",["object",{"disk_size":"number","downscale_wait_time":"number","instance_type":"string","max_workers":"number","min_workers":"number","spot_config":["list",["object",{"fall_back_on_demand":"bool","max_price_percent":"number"}]],"standby_workers":"number"}]],"non_gpu_workers":["list",["object",{"disk_size":"number","downscale_wait_time":"number","instance_type":"string","max_workers":"number","min_workers":"number","spot_config":["list",["object",{"fall_back_on_demand":"bool","max_price_percent":"number"}]],"standby_workers":"number"}]]}]],"aws_attributes":["list",["object",{"bucket_name":"string","ecr_registry_account_id":"string","eks_cluster_name":"string","instance_profile_arn":"string","network":["list",["object",{"security_group_id":"string","subnet_id":"string","vpc_id":"string"}]],"region":"string"}]],"azure_attributes":["list",["object",{"acr_registry_name":"string","aks_cluster_name":"string","location":"string","network":["list",["object",{"resource_group":"string","search_domain":"string","security_group_name":"string","subnet_name":"string","virtual_network_name":"string"}]],"resource_group":"string","search_domain":"string","storage_account":"string","storage_container_name":"string","user_assigned_managed_identity":"string"}]],"backup_retention_period":"number","cluster_id":"string","creation_date":"string","head":["list",["object",{"disk_size":"number","instance_type":"string"}]],"init_script":"string","issue_lets_encrypt_certificate":"bool","managed_users":"bool","name":"string","open_ports":["list",["object",{"feature_store":"bool","kafka":"bool","online_feature_store":"bool","ssh":"bool"}]],"os":"string","rondb":["list",["object",{"api_nodes":["list",["object",{"count":"number","disk_size":"number","instance_type":"string"}]],"configuration":["list",["object",{"general":["list",["object",{"benchmark":["list",["object",{"grant_user_privileges":"bool"}]]}]],"ndbd_default":["list",["object",{"replication_factor":"number"}]]}]],"data_nodes":["list",["object",{"count":"number","disk_size":"number","instance_type":"string"}]],"management_nodes":["list",["object",{"count":"number","disk_size":"number","instance_type":"string"}]],"mysql_nodes":["list",["object",{"count":"number","disk_size":"number","instance_type":"string"}]]}]],"run_init_script_first":"bool","ssh_key":"string","start_date":"string","state":"string","tags":["map","string"],"update_state":"string","upgrade_in_progress":["list",["object",{"from_version":"string","to_version":"string"}]],"url":"string","version":"string","workers":["set",["object",{"count":"number","disk_size":"number","instance_type":"string","spot_config":["list",["object",{"fall_back_on_demand":"bool","max_price_percent":"number"}]]}]]}]],"description":"The list of clusters in the user's account.","description_kind":"markdown","computed":true},"id":{"type":"string","description_kind":"plain","optional":true,"computed":true}},"block_types":{"filter":{"nesting_mode":"list","block":{"attributes":{"cloud":{"type":"string","description":"Filter based on cloud provider.","description_kind":"markdown","optional":true}},"description":"Filter requested clusters based on cloud provider.","description_kind":"markdown"},"max_items":1}},"description":"Use this data source to get information about all your clusters in Hopsworks.ai","description_kind":"markdown"}},"hopsworksai_instance_type":{"version":0,"block":{"attributes":{"cloud_provider":{"type":"string","description":"The cloud provider where you plan to create your cluster.","description_kind":"markdown","required":true},"id":{"type":"string","description_kind":"plain","optional":true,"computed":true},"min_cpus":{"type":"number","description":"Filter based on the minimum number of CPU cores. Defaults to `0`.","description_kind":"markdown","optional":true},"min_gpus":{"type":"number","description":"Filter based on the minimum number of GPUs. Defaults to `0`.","description_kind":"markdown","optional":true},"min_memory_gb":{"type":"number","description":"Filter based on the minimum memory in gigabytes. Defaults to `0`.","description_kind":"markdown","optional":true},"node_type":{"type":"string","description":"The node type that you want to get its smallest instance type. It has to be one of these types (head, worker, rondb_management, rondb_data, rondb_mysql, rondb_api).","description_kind":"markdown","required":true}},"description":"Use this data source to get the smallest instance type for head, worker, and RonDB nodes.","description_kind":"markdown"}},"hopsworksai_instance_types":{"version":0,"block":{"attributes":{"cloud_provider":{"type":"string","description":"The cloud provider where you plan to create your cluster.","description_kind":"markdown","required":true},"id":{"type":"string","description_kind":"plain","optional":true,"computed":true},"node_type":{"type":"string","description":"The node type that you want to get its supported instance types.","description_kind":"markdown","required":true},"supported_types":{"type":["list",["object",{"cpus":"number","gpus":"number","id":"string","memory":"number"}]],"description":"The list of supported instance types.","description_kind":"markdown","computed":true}},"description":"Use this data source to get all the supported instance types for head, worker, and RonDB nodes.","description_kind":"markdown"}},"hopsworksai_version":{"version":0,"block":{"attributes":{"cloud_provider":{"type":"string","description":"The cloud provider where you plan to create your cluster.","description_kind":"markdown","required":true},"default":{"type":"bool","description":"The version is the default version.","description_kind":"markdown","optional":true,"computed":true},"experimental":{"type":"bool","description":"The version is an experimental version.","description_kind":"markdown","optional":true,"computed":true},"id":{"type":"string","description_kind":"plain","optional":true,"computed":true},"os":{"type":"string","description":"Filter based on the supported os.","description_kind":"markdown","optional":true},"region":{"type":"string","description":"Filter based on the region.","description_kind":"markdown","optional":true},"release_notes_url":{"type":"string","description":"The release notes url for this version.","description_kind":"markdown","computed":true},"supported_regions":{"type":["list",["object",{"centos":["list","string"],"ubuntu":["list","string"]}]],"description":"The list of supported operating systems per regions.","description_kind":"markdown","computed":true},"upgradeable_from_version":{"type":"string","description":"The version which is upgradeable to this version.","description_kind":"markdown","optional":true,"computed":true}},"description":"Use this data source to get the latest supported Hopsworks version.","description_kind":"markdown"}}}}}}
