{"format_version":"0.2","provider_schemas":{"registry.terraform.io/lokkersp/sops":{"provider":{"version":0,"block":{"attributes":{"age":{"type":["map","string"],"description_kind":"plain","optional":true},"kms":{"type":["map","string"],"description":"Configuration for encrypt files with AWS KMS.","description_kind":"plain","optional":true}},"description_kind":"plain"}},"resource_schemas":{"sops_file":{"version":0,"block":{"attributes":{"age":{"type":["map","string"],"description_kind":"plain","optional":true},"content":{"type":"string","description_kind":"plain","optional":true},"directory_permission":{"type":"string","description":"Permissions to set for directories created","description_kind":"plain","optional":true},"encryption_type":{"type":"string","description_kind":"plain","required":true},"file_permission":{"type":"string","description":"Permissions to set for the output file","description_kind":"plain","optional":true},"filename":{"type":"string","description_kind":"plain","required":true},"id":{"type":"string","description_kind":"plain","optional":true,"computed":true},"kms":{"type":["map","string"],"description_kind":"plain","optional":true}},"description_kind":"plain"}}},"data_source_schemas":{"sops_external":{"version":0,"block":{"attributes":{"data":{"type":["map","string"],"description_kind":"plain","computed":true,"sensitive":true},"id":{"type":"string","description_kind":"plain","optional":true,"computed":true},"input_type":{"type":"string","description_kind":"plain","required":true},"raw":{"type":"string","description_kind":"plain","computed":true,"sensitive":true},"source":{"type":"string","description_kind":"plain","required":true}},"description_kind":"plain"}},"sops_file":{"version":0,"block":{"attributes":{"data":{"type":["map","string"],"description_kind":"plain","computed":true,"sensitive":true},"id":{"type":"string","description_kind":"plain","optional":true,"computed":true},"input_type":{"type":"string","description_kind":"plain","optional":true},"raw":{"type":"string","description_kind":"plain","computed":true,"sensitive":true},"source_file":{"type":"string","description_kind":"plain","required":true}},"description_kind":"plain"}},"sops_file_entry":{"version":0,"block":{"attributes":{"age_key_file":{"type":"string","description_kind":"plain","optional":true},"data":{"type":"string","description_kind":"plain","computed":true,"sensitive":true},"data_key":{"type":"string","description_kind":"plain","required":true},"id":{"type":"string","description_kind":"plain","optional":true,"computed":true},"input_type":{"type":"string","description_kind":"plain","optional":true},"raw":{"type":"string","description_kind":"plain","computed":true,"sensitive":true},"source_file":{"type":"string","description_kind":"plain","required":true}},"description_kind":"plain"}}}}}}
