{"format_version":"0.2","provider_schemas":{"registry.terraform.io/lucretius/drone":{"provider":{"version":0,"block":{"attributes":{"server":{"type":"string","description":"URL for the drone server","description_kind":"plain","required":true},"token":{"type":"string","description":"API Token for the drone server","description_kind":"plain","required":true}},"description_kind":"plain"}},"resource_schemas":{"drone_cron":{"version":0,"block":{"attributes":{"branch":{"type":"string","description_kind":"plain","optional":true},"disabled":{"type":"bool","description_kind":"plain","optional":true},"event":{"type":"string","description_kind":"plain","required":true},"expr":{"type":"string","description_kind":"plain","optional":true},"id":{"type":"string","description_kind":"plain","optional":true,"computed":true},"name":{"type":"string","description_kind":"plain","required":true},"repository":{"type":"string","description_kind":"plain","required":true}},"description_kind":"plain"}},"drone_orgsecret":{"version":0,"block":{"attributes":{"allow_on_pull_request":{"type":"bool","description_kind":"plain","optional":true},"allow_push_on_pull_request":{"type":"bool","description_kind":"plain","optional":true},"id":{"type":"string","description_kind":"plain","optional":true,"computed":true},"name":{"type":"string","description_kind":"plain","required":true},"namespace":{"type":"string","description_kind":"plain","required":true},"value":{"type":"string","description_kind":"plain","required":true,"sensitive":true}},"description_kind":"plain"}},"drone_repo":{"version":0,"block":{"attributes":{"configuration":{"type":"string","description_kind":"plain","optional":true},"id":{"type":"string","description_kind":"plain","optional":true,"computed":true},"protected":{"type":"bool","description_kind":"plain","optional":true},"repository":{"type":"string","description_kind":"plain","required":true},"timeout":{"type":"number","description_kind":"plain","optional":true},"trusted":{"type":"bool","description_kind":"plain","optional":true},"visibility":{"type":"string","description_kind":"plain","optional":true}},"description_kind":"plain"}},"drone_secret":{"version":0,"block":{"attributes":{"allow_on_pull_request":{"type":"bool","description_kind":"plain","optional":true},"id":{"type":"string","description_kind":"plain","optional":true,"computed":true},"name":{"type":"string","description_kind":"plain","required":true},"repository":{"type":"string","description_kind":"plain","required":true},"value":{"type":"string","description_kind":"plain","required":true,"sensitive":true}},"description_kind":"plain"}},"drone_user":{"version":0,"block":{"attributes":{"active":{"type":"bool","description_kind":"plain","required":true},"admin":{"type":"bool","description_kind":"plain","required":true},"id":{"type":"string","description_kind":"plain","optional":true,"computed":true},"login":{"type":"string","description_kind":"plain","required":true},"machine":{"type":"bool","description_kind":"plain","optional":true},"token":{"type":"string","description_kind":"plain","computed":true}},"description_kind":"plain"}}}}}}
