{"format_version":"0.2","provider_schemas":{"registry.terraform.io/luisr-escobar/dynatrace":{"provider":{"version":0,"block":{"attributes":{"dt_api_token":{"type":"string","description_kind":"plain","optional":true,"sensitive":true},"dt_cluster_api_token":{"type":"string","description_kind":"plain","optional":true,"sensitive":true},"dt_cluster_url":{"type":"string","description_kind":"plain","optional":true},"dt_env_url":{"type":"string","description_kind":"plain","optional":true}},"description_kind":"plain"}},"resource_schemas":{"dynatrace_alerting_profile":{"version":0,"block":{"attributes":{"display_name":{"type":"string","description":"The name of the alerting profile, displayed in the UI.","description_kind":"plain","required":true},"id":{"type":"string","description_kind":"plain","optional":true,"computed":true},"mz_id":{"type":"string","description":"The ID of the management zone to which the alerting profile applies.","description_kind":"plain","optional":true}},"block_types":{"event_type_filter":{"nesting_mode":"list","block":{"block_types":{"custom_event_filter":{"nesting_mode":"list","block":{"block_types":{"custom_description_filter":{"nesting_mode":"list","block":{"attributes":{"case_insensitive":{"type":"bool","description":"The condition is case sensitive (false) or case insensitive (true). If not set, then false is used, making the condition case sensitive.","description_kind":"plain","optional":true},"enabled":{"type":"bool","description":"The filter is enabled (true) or disabled (false).","description_kind":"plain","required":true},"negate":{"type":"bool","description":"Reverses the comparison operator. For example it turns the begins with into does not begin with.","description_kind":"plain","required":true},"operator":{"type":"string","description":"Operator of the comparison. You can reverse it by setting negate to true.","description_kind":"plain","required":true},"value":{"type":"string","description":"The value to compare to.","description_kind":"plain","required":true}},"description":"Configuration of a matching filter.","description_kind":"plain"}},"custom_title_filter":{"nesting_mode":"list","block":{"attributes":{"case_insensitive":{"type":"bool","description":"The condition is case sensitive (false) or case insensitive (true). If not set, then false is used, making the condition case sensitive.","description_kind":"plain","optional":true},"enabled":{"type":"bool","description":"The filter is enabled (true) or disabled (false).","description_kind":"plain","required":true},"negate":{"type":"bool","description":"Reverses the comparison operator. For example it turns the begins with into does not begin with.","description_kind":"plain","required":true},"operator":{"type":"string","description":"Operator of the comparison. You can reverse it by setting negate to true.","description_kind":"plain","required":true},"value":{"type":"string","description":"The value to compare to.","description_kind":"plain","required":true}},"description":"Configuration of a matching filter.","description_kind":"plain"}}},"description":"Configuration of a custom event filter.","description_kind":"plain"}},"predefined_event_filter":{"nesting_mode":"list","block":{"attributes":{"event_type":{"type":"string","description":"The type of the predefined event.","description_kind":"plain","required":true},"negate":{"type":"bool","description":"The alert triggers when the problem of specified severity arises while the specified event is happening (false) or while the specified event is not happening (true).","description_kind":"plain","required":true}},"description":"Configuration of a predefined event filter.","description_kind":"plain"}}},"description":"Configuration of the event filter for the alerting profile.","description_kind":"plain"}},"rule":{"nesting_mode":"list","block":{"attributes":{"delay_in_minutes":{"type":"number","description":"Send a notification if a problem remains open longer than X minutes.","description_kind":"plain","required":true},"severity_level":{"type":"string","description":"The severity level to trigger the alert.","description_kind":"plain","required":true}},"block_types":{"tag_filters":{"nesting_mode":"list","block":{"attributes":{"include_mode":{"type":"string","description":"The filtering mode.","description_kind":"plain","optional":true}},"block_types":{"tag_filter":{"nesting_mode":"list","block":{"attributes":{"context":{"type":"string","description":"The origin of the tag, such as AWS or Cloud Foundry. Custom tags use the CONTEXTLESS value.","description_kind":"plain","required":true},"key":{"type":"string","description":"The key of the tag. Custom tags have the tag value here.","description_kind":"plain","required":true},"value":{"type":"string","description":"The value of the tag. Not applicable to custom tags.","description_kind":"plain","required":true}},"description":"A tag-based filter of monitored entities.","description_kind":"plain"}}},"description":"Configuration of the tag filtering of the alerting profile.","description_kind":"plain"},"min_items":1}},"description":"A list of severity rules. The rules are evaluated from top to bottom. The first matching rule applies and further evaluation stops. If you specify both severity rule and event filter, the AND logic applies.","description_kind":"plain"}}},"description_kind":"plain"}},"dynatrace_api_token":{"version":0,"block":{"attributes":{"api_token":{"type":"string","description":"The secret of the token","description_kind":"plain","optional":true,"computed":true},"creation_date":{"type":"string","description":"Token creation date in ISO 8601 format (yyyy-MM-dd'T'HH:mm:ss.SSS'Z')","description_kind":"plain","optional":true,"computed":true},"enabled":{"type":"bool","description":"The token is enabled (true) or disabled (false).","description_kind":"plain","optional":true},"expiration_date":{"type":"string","description":"The expiration date of the token.","description_kind":"plain","optional":true},"id":{"type":"string","description_kind":"plain","optional":true,"computed":true},"last_used_date":{"type":"string","description":"Token last used date in ISO 8601 format (yyyy-MM-dd'T'HH:mm:ss.SSS'Z')","description_kind":"plain","optional":true,"computed":true},"last_used_ip_address":{"type":"string","description":"Token last used IP address.","description_kind":"plain","optional":true,"computed":true},"name":{"type":"string","description":"The name of the token.","description_kind":"plain","required":true},"owner":{"type":"string","description":"The owner of the token","description_kind":"plain","optional":true,"computed":true},"personal_access_token":{"type":"bool","description":"The token is a personal access token (true) or an API token (false).","description_kind":"plain","optional":true},"scopes":{"type":["list","string"],"description":"A list of the scopes to be assigned to the token.","description_kind":"plain","optional":true}},"description_kind":"plain"}},"dynatrace_application_detection_rule":{"version":0,"block":{"attributes":{"application_identifier":{"type":"string","description":"The Dynatrace entity ID of the application, for example APPLICATION-4A3B43.","description_kind":"plain","required":true},"id":{"type":"string","description_kind":"plain","optional":true,"computed":true},"name":{"type":"string","description":"The unique name of the Application detection rule.","description_kind":"plain","optional":true},"order":{"type":"string","description":"The order of the rule in the rules list.","description_kind":"plain","optional":true}},"block_types":{"filter_config":{"nesting_mode":"list","block":{"attributes":{"application_match_target":{"type":"string","description":"Where to look for the the pattern value.","description_kind":"plain","required":true},"application_match_type":{"type":"string","description":"The operator of the matching.","description_kind":"plain","required":true},"pattern":{"type":"string","description":"The value to look for.","description_kind":"plain","required":true}},"description":"The condition of an application detection rule.","description_kind":"plain"},"min_items":1}},"description_kind":"plain"}},"dynatrace_auto_tag":{"version":0,"block":{"attributes":{"id":{"type":"string","description_kind":"plain","optional":true,"computed":true},"name":{"type":"string","description":"The name of the auto-tag, which is applied to entities. Additionally you can specify a valueFormat in the tag rule. In that case the tag is used in the name:valueFormat format. For example you can extend the Infrastructure tag to Infrastructure:Windows and Infrastructure:Linux.","description_kind":"plain","required":true}},"block_types":{"rule":{"nesting_mode":"list","block":{"attributes":{"enabled":{"type":"bool","description":"Tag rule is enabled (true) or disabled (false).","description_kind":"plain","required":true},"propagation_types":{"type":["list","string"],"description":"How to apply the tag to underlying entities.","description_kind":"plain","optional":true},"type":{"type":"string","description":"Type of entities to which the rule applies.","description_kind":"plain","required":true},"value_format":{"type":"string","description":"The value of the auto-tag. If specified, the tag is used in the name:valueFormat format.","description_kind":"plain","optional":true}},"block_types":{"condition":{"nesting_mode":"list","block":{"block_types":{"comparison_info":{"nesting_mode":"list","block":{"attributes":{"case_sensitive":{"type":"bool","description":"Defines if value to compare to is case sensitive","description_kind":"plain","optional":true},"negate":{"type":"bool","description":"Reverses the comparison operator. For example it turns the begins with into does not begin with.","description_kind":"plain","required":true},"operator":{"type":"string","description":"Operator of the comparison. You can reverse it by setting negate to true. Possible values depend on the type of the comparison. Find the list of actual models in the description of the type field and check the description of the model you need.","description_kind":"plain","required":true},"type":{"type":"string","description":"Defines the actual set of fields depending on the value.","description_kind":"plain","required":true},"value":{"type":"string","description":"The value to compare to.","description_kind":"plain","optional":true}},"description":"Defines how the matching is actually performed: what and how are we comparing.","description_kind":"plain"},"min_items":1},"key":{"nesting_mode":"list","block":{"attributes":{"attribute":{"type":"string","description":"The attribute to be used for comparision.","description_kind":"plain","required":true},"dynamic_key":{"type":"string","description":"Dynamic key generated based on selected type/attribute.","description_kind":"plain","optional":true},"type":{"type":"string","description":"Defines the actual set of fields depending on the value.","description_kind":"plain","optional":true}},"description":"The key to identify the data we're matching.","description_kind":"plain"},"min_items":1}},"description":"A list of matching rules for the management zone. The management zone applies only if all conditions are fulfilled.","description_kind":"plain"},"min_items":1}},"description":"The list of rules for tag usage. When there are multiple rules, the OR logic applies.","description_kind":"plain"}}},"description_kind":"plain"}},"dynatrace_cluster_user":{"version":0,"block":{"attributes":{"email":{"type":"string","description":"User's email address","description_kind":"plain","required":true},"first_name":{"type":"string","description":"User's first name","description_kind":"plain","required":true},"groups":{"type":["list","string"],"description":"List of user's user group IDs.","description_kind":"plain","optional":true},"id":{"type":"string","description_kind":"plain","optional":true,"computed":true},"last_name":{"type":"string","description":"User's last name","description_kind":"plain","required":true},"password_clear_text":{"type":"string","description":"User's password in a clear text; used only to set initial password","description_kind":"plain","optional":true},"user_id":{"type":"string","description":"User ID","description_kind":"plain","required":true}},"description_kind":"plain"}},"dynatrace_cluster_user_group":{"version":0,"block":{"attributes":{"access_rights":{"type":"string","description":"Access Rights","description_kind":"plain","optional":true},"has_access_account_role":{"type":"bool","description":"User's last name","description_kind":"plain","optional":true},"has_manage_account_and_view_product_usage_role":{"type":"bool","description":"If true, then the group has the manage account rights.","description_kind":"plain","optional":true},"id":{"type":"string","description_kind":"plain","optional":true,"computed":true},"is_access_account":{"type":"bool","description":"writeOnly: true","description_kind":"plain","optional":true},"is_cluster_admin_group":{"type":"bool","description":"If true, then the group has the cluster administrator rights.","description_kind":"plain","optional":true},"is_manage_account":{"type":"bool","description":"IwriteOnly: true","description_kind":"plain","optional":true},"ldap_group_names":{"type":["list","string"],"description":"LDAP group names","description_kind":"plain","optional":true},"name":{"type":"string","description":"Group name","description_kind":"plain","required":true},"sso_group_names":{"type":["list","string"],"description":"SSO group names. If defined it's used to map SSO group name to Dynatrace group name, otherwise mapping is done by group name","description_kind":"plain","optional":true}},"description_kind":"plain"}},"dynatrace_dashboard":{"version":0,"block":{"attributes":{"id":{"type":"string","description_kind":"plain","optional":true,"computed":true}},"block_types":{"dashboard_metadata":{"nesting_mode":"list","block":{"attributes":{"name":{"type":"string","description":"The name of the dashboard.","description_kind":"plain","required":true},"owner":{"type":"string","description":"The owner of the dashboard.","description_kind":"plain","optional":true},"preset":{"type":"bool","description":"The dashboard is a preset (true)","description_kind":"plain","optional":true},"shared":{"type":"bool","description":"The dashboard is shared (true) or private (false).","description_kind":"plain","optional":true},"tags":{"type":["list","string"],"description":"A set of tags assigned to the dashboard.","description_kind":"plain","optional":true},"valid_filter_keys":{"type":["list","string"],"description":"A set of all possible global dashboard filters that can be applied to dashboard","description_kind":"plain","optional":true}},"block_types":{"dashboard_filter":{"nesting_mode":"list","block":{"attributes":{"timeframe":{"type":"string","description":"The default timeframe of the dashboard.","description_kind":"plain","optional":true}},"block_types":{"management_zone":{"nesting_mode":"list","block":{"attributes":{"id":{"type":"string","description":"The ID of the Dynatrace entity.","description_kind":"plain","required":true},"name":{"type":"string","description":"The name of the Dynatrace entity.","description_kind":"plain","optional":true}},"description":"The short representation of a Dynatrace entity.","description_kind":"plain"}}},"description":"Filters, applied to a dashboard.","description_kind":"plain"}},"sharing_details":{"nesting_mode":"list","block":{"attributes":{"link_shared":{"type":"bool","description":"If true, the dashboard is shared via link and authenticated users with the link can view.","description_kind":"plain","optional":true},"published":{"type":"bool","description":"If true, the dashboard is published to anyone on this environment.","description_kind":"plain","optional":true}},"description":"Sharing configuration of a dashboard.","description_kind":"plain"}}},"description":"Parameters of a dashboard.","description_kind":"plain"},"min_items":1},"tile":{"nesting_mode":"list","block":{"attributes":{"assigned_entities":{"type":["list","string"],"description":"The list of Dynatrace entities, assigned to the tile.","description_kind":"plain","optional":true},"chart_visible":{"type":"bool","description":"The tile is visible and ready to use (true) or just placed on the dashboard (false).","description_kind":"plain","optional":true},"configured":{"type":"bool","description":"The tile is configured and ready to use (true) or just placed on the dashboard (false).","description_kind":"plain","optional":true},"custom_name":{"type":"string","description":"The name of the tile, set by user.","description_kind":"plain","optional":true},"exclude_maintenance_windows":{"type":"bool","description":"Include (`false') or exclude (`true`) maintenance windows from availability calculations.","description_kind":"plain","optional":true},"limit":{"type":"number","description":"The limit of the results, if not set will use the default value of the system.","description_kind":"plain","optional":true},"markdown":{"type":"string","description":"The markdown-formatted content of the tile.","description_kind":"plain","optional":true},"metric":{"type":"string","description":"The tile is visible and ready to use (true) or just placed on the dashboard (false).","description_kind":"plain","optional":true},"name":{"type":"string","description":"The name of the tile.","description_kind":"plain","optional":true},"query":{"type":"string","description":"A [user session query](https://www.dynatrace.com/support/help/shortlink/usql-info) executed by the tile.","description_kind":"plain","optional":true},"tile_type":{"type":"string","description":"Defines the actual set of fields depending on the value.","description_kind":"plain","required":true},"timeframe_shift":{"type":"string","description":"The comparison timeframe of the query. If specified, you additionally get the results of the same query with the specified time shift.","description_kind":"plain","optional":true},"type":{"type":"string","description":"The visualization of the tile.","description_kind":"plain","optional":true}},"block_types":{"bounds":{"nesting_mode":"list","block":{"attributes":{"height":{"type":"number","description":"The height of the tile, in pixels.","description_kind":"plain","optional":true},"left":{"type":"number","description":"The horizontal distance from the top left corner of the dashboard to the top left corner of the tile, in pixels.","description_kind":"plain","optional":true},"top":{"type":"number","description":"The vertical distance from the top left corner of the dashboard to the top left corner of the tile, in pixels.","description_kind":"plain","optional":true},"width":{"type":"number","description":"The width of the tile, in pixels.","description_kind":"plain","optional":true}},"description":"The position and size of a tile.","description_kind":"plain"},"min_items":1},"filter_config":{"nesting_mode":"list","block":{"attributes":{"custom_name":{"type":"string","description":"The name of the tile, set by user.","description_kind":"plain","required":true},"default_name":{"type":"string","description":"The default name of the tile.","description_kind":"plain","required":true},"filters_per_entity_type":{"type":"string","description":"A list of filters, applied to specific entity types.","description_kind":"plain","optional":true},"type":{"type":"string","description":"The type of the filter.","description_kind":"plain","required":true}},"block_types":{"chart_config":{"nesting_mode":"list","block":{"attributes":{"axis_limits":{"type":"string","description":"The optional custom y-axis limits.","description_kind":"plain","optional":true},"left_axis_custom_unit":{"type":"string","description":"The custom unit for the left Y-axis.","description_kind":"plain","optional":true},"legend_shown":{"type":"bool","description":"Defines if a legend should be shown.","description_kind":"plain","optional":true},"result_metadata":{"type":"string","description":"Additional information about charted metric.","description_kind":"plain","optional":true},"right_axis_custom_unit":{"type":"string","description":"The custom unit for the right Y-axis.","description_kind":"plain","optional":true},"type":{"type":"string","description":"The type of the chart.","description_kind":"plain","required":true}},"block_types":{"series":{"nesting_mode":"list","block":{"attributes":{"aggregation":{"type":"string","description":"The charted aggregation of the metric.","description_kind":"plain","required":true},"aggregation_rate":{"type":"string","description":"The aggregation rate.","description_kind":"plain","optional":true},"entity_type":{"type":"string","description":"The type of the Dynatrace entity that delivered the charted metric.","description_kind":"plain","required":true},"metric":{"type":"string","description":"The name of the charted metric.","description_kind":"plain","required":true},"percentile":{"type":"number","description":"The charted percentile.","description_kind":"plain","optional":true},"sort_ascending":{"type":"bool","description":"Sort ascending (true) or descending (false).","description_kind":"plain","optional":true},"sort_column":{"type":"bool","description":"Sort column (true) or (false).","description_kind":"plain","optional":true},"type":{"type":"string","description":"The visualization of the timeseries chart.","description_kind":"plain","required":true}},"block_types":{"dimensions":{"nesting_mode":"list","block":{"attributes":{"entity_dimension":{"type":"bool","description":"The name of the entity dimension by which the metric is split.","description_kind":"plain","optional":true},"id":{"type":"string","description":"The ID of the dimension by which the metric is split.","description_kind":"plain","required":true},"name":{"type":"string","description":"The name of the dimension by which the metric is split.","description_kind":"plain","optional":true},"values":{"type":["list","string"],"description":"The splitting value.","description_kind":"plain","optional":true}},"description":"Configuration of the charted metric splitting.","description_kind":"plain"}}},"description":"A list of charted metrics.","description_kind":"plain"}}},"description":"Configuration of a custom chart.","description_kind":"plain"}}},"description":"Configuration of the custom filter of a tile.","description_kind":"plain"}},"tile_filter":{"nesting_mode":"list","block":{"attributes":{"timeframe":{"type":"string","description":"The default timeframe of the tile.","description_kind":"plain","optional":true}},"block_types":{"management_zone":{"nesting_mode":"list","block":{"attributes":{"id":{"type":"string","description":"The ID of the Dynatrace entity.","description_kind":"plain","required":true},"name":{"type":"string","description":"The name of the Dynatrace entity.","description_kind":"plain","optional":true}},"description":"The short representation of a Dynatrace entity.","description_kind":"plain"}}},"description":"A filter applied to a tile, it overrides the dashboard's filter.","description_kind":"plain"}},"visualization_config":{"nesting_mode":"list","block":{"attributes":{"has_axis_bucketing":{"type":"bool","description":"The axis bucketing when enabled groups similar series in the same virtual axis.","description_kind":"plain","optional":true}},"description":"A filter applied to a tile, it overrides the dashboard's filter.","description_kind":"plain"}}},"description":"Configuration of a tile. The actual set of fields depends on the type of the tile.","description_kind":"plain"},"min_items":1}},"description_kind":"plain"}},"dynatrace_environment":{"version":0,"block":{"attributes":{"api_token":{"type":"string","description":"Environment Token","description_kind":"plain","computed":true},"create_token":{"type":"bool","description":"If true, a token management token with the scopes 'apiTokens.read' and 'apiTokens.write' and 'TenantTokenManagement'is created when creating a new environment.","description_kind":"plain","optional":true},"id":{"type":"string","description_kind":"plain","optional":true,"computed":true},"name":{"type":"string","description":"The display name of the environment.","description_kind":"plain","required":true},"state":{"type":"string","description":"Indicates whether the environment is enabled or disabled. The default value is ENABLED.","description_kind":"plain","optional":true},"tags":{"type":["list","string"],"description":"A set of tags that are assigned to this environment. Every tag can have a maximum length of 100 characters.","description_kind":"plain","optional":true},"trial":{"type":"bool","description":"Specifies whether the environment is a trial environment or a non-trial environment. Creating a trial environment is only possible if your license allows that.","description_kind":"plain","optional":true}},"block_types":{"quotas":{"nesting_mode":"list","block":{"block_types":{"custom_metrics":{"nesting_mode":"list","block":{"attributes":{"current_usage":{"type":"number","description":"Current environment usage.","description_kind":"plain","computed":true},"max_limit":{"type":"number","description":"Concurrent environment quota. Not set if unlimited. When updating via PUT method, skipping this field will set quota unlimited.","description_kind":"plain","optional":true}},"description":"Custom metrics consumption and quota information on environment level. Not set (and not editable) if Custom metrics is not enabled. Not set (and not editable) if Davis data units is enabled. If skipped when editing via PUT method then already set quota will remain.","description_kind":"plain"}},"davis_data_units":{"nesting_mode":"list","block":{"attributes":{"annual_limit":{"type":"number","description":"Annual environment quota. Not set if unlimited. When updating via PUT method, skipping this field will set quota unlimited.","description_kind":"plain","optional":true},"consumed_this_month":{"type":"number","description":"Monthly environment consumption. Resets each calendar month.","description_kind":"plain","computed":true},"consumed_this_year":{"type":"number","description":"Yearly environment consumption. Resets each year on license creation date anniversary.","description_kind":"plain","computed":true},"monthly_limit":{"type":"number","description":"Monthly environment quota. Not set if unlimited. When updating via PUT method, skipping this field will set quota unlimited.","description_kind":"plain","optional":true}},"description":"Davis data units consumption and quota information on environment level. Not set (and not editable) if Davis data units is not enabled. If skipped when editing via PUT method then already set quotas will remain.","description_kind":"plain"}},"dem_units":{"nesting_mode":"list","block":{"attributes":{"annual_limit":{"type":"number","description":"Annual environment quota. Not set if unlimited. When updating via PUT method, skipping this field will set quota unlimited.","description_kind":"plain","optional":true},"consumed_this_month":{"type":"number","description":"Monthly environment consumption. Resets each calendar month.","description_kind":"plain","computed":true},"consumed_this_year":{"type":"number","description":"Yearly environment consumption. Resets each year on license creation date anniversary.","description_kind":"plain","computed":true},"monthly_limit":{"type":"number","description":"Monthly environment quota. Not set if unlimited. When updating via PUT method, skipping this field will set quota unlimited.","description_kind":"plain","optional":true}},"description":"DEM units consumption and quota information on environment level. Not set (and not editable) if DEM units is not enabled. If skipped when editing via PUT method then already set quotas will remain.","description_kind":"plain"}},"host_units":{"nesting_mode":"list","block":{"attributes":{"current_usage":{"type":"number","description":"Current environment usage.","description_kind":"plain","computed":true},"max_limit":{"type":"number","description":"Concurrent environment quota. Not set if unlimited. When updating via PUT method, skipping this field will set quota unlimited.","description_kind":"plain","optional":true}},"description":"Host units consumption and quota information on environment level. If skipped when editing via PUT method then already set quota will remain.","description_kind":"plain"}},"log_monitoring":{"nesting_mode":"list","block":{"attributes":{"annual_limit":{"type":"number","description":"Annual environment quota. Not set if unlimited. When updating via PUT method, skipping this field will set quota unlimited.","description_kind":"plain","optional":true},"consumed_this_month":{"type":"number","description":"Monthly environment consumption. Resets each calendar month.","description_kind":"plain","computed":true},"consumed_this_year":{"type":"number","description":"Yearly environment consumption. Resets each year on license creation date anniversary.","description_kind":"plain","computed":true},"monthly_limit":{"type":"number","description":"Monthly environment quota. Not set if unlimited. When updating via PUT method, skipping this field will set quota unlimited.","description_kind":"plain","optional":true}},"description":"Log monitoring consumption and quota information on environment level. Not set (and not editable) if Log monitoring is not enabled. Not set (and not editable) if Log monitoring is migrated to Davis data on license level. If skipped when editing via PUT method then already set quotas will remain.","description_kind":"plain"}},"session_properties":{"nesting_mode":"list","block":{"attributes":{"consumed_this_month":{"type":"number","description":"Monthly environment consumption. Resets each calendar month.","description_kind":"plain","computed":true},"consumed_this_year":{"type":"number","description":"Yearly environment consumption. Resets each year on license creation date anniversary.","description_kind":"plain","computed":true}},"description":"User session properties consumption information on environment level.","description_kind":"plain"}},"synthetic_monitors":{"nesting_mode":"list","block":{"attributes":{"annual_limit":{"type":"number","description":"Annual environment quota. Not set if unlimited. When updating via PUT method, skipping this field will set quota unlimited.","description_kind":"plain","optional":true},"consumed_this_month":{"type":"number","description":"Monthly environment consumption. Resets each calendar month.","description_kind":"plain","computed":true},"consumed_this_year":{"type":"number","description":"Yearly environment consumption. Resets each year on license creation date anniversary.","description_kind":"plain","computed":true},"monthly_limit":{"type":"number","description":"Monthly environment quota. Not set if unlimited. When updating via PUT method, skipping this field will set quota unlimited.","description_kind":"plain","optional":true}},"description":"Synthetic monitors consumption and quota information on environment level. Not set (and not editable) if neither Synthetic nor DEM units is enabled. If skipped when editing via PUT method then already set quotas will remain.","description_kind":"plain"}},"user_sessions":{"nesting_mode":"list","block":{"attributes":{"consumed_mobile_sessions_this_year":{"type":"number","description":"Yearly Mobile user sessions environment consumption. Resets each year on license creation date anniversary.","description_kind":"plain","computed":true},"consumed_nobile_sessions_this_month":{"type":"number","description":"Monthly Mobile user sessions environment consumption. Resets each calendar month.","description_kind":"plain","optional":true,"computed":true},"consumed_user_sessions_with_mobile_session_replay_this_month":{"type":"number","description":"Monthly Mobile user sessions with replay environment consumption. Resets each calendar month.","description_kind":"plain","computed":true},"consumed_user_sessions_with_mobile_session_replay_this_year":{"type":"number","description":"Yearly Mobile user sessions with replay environment consumption. Resets each year on license creation date anniversary.","description_kind":"plain","computed":true},"consumed_user_sessions_with_web_session_replay_this_month":{"type":"number","description":"Monthly Web user sessions with replay environment consumption. Resets each calendar month.","description_kind":"plain","computed":true},"consumed_user_sessions_with_web_session_replay_this_year":{"type":"number","description":"Yearly Web user sessions with replay environment consumption. Resets each year on license creation date anniversary.","description_kind":"plain","computed":true},"total_annual_limit":{"type":"number","description":"Yearly Web user sessions with replay environment consumption. Resets each year on license creation date anniversary.","description_kind":"plain","optional":true},"total_consumed_this_month":{"type":"number","description":"Monthly total User sessions environment consumption. Resets each calendar month.","description_kind":"plain","computed":true},"total_consumed_this_year":{"type":"number","description":"Yearly total User sessions environment consumption. Resets each year on license creation date anniversary.","description_kind":"plain","computed":true},"total_monthly_limit":{"type":"number","description":"Monthly total User sessions environment quota. Not set if unlimited. When updating via PUT method, skipping this field will set quota unlimited.","description_kind":"plain","optional":true}},"description":"User sessions consumption and quota information on environment level. If skipped when editing via PUT method then already set quotas will remain.","description_kind":"plain"}}},"description":"Environment level consumption and quotas information. Only returned if includeConsumptionInfo or includeUncachedConsumptionInfo param is true. If skipped when editing via PUT method then already set quotas will remain.","description_kind":"plain"}},"storage":{"nesting_mode":"list","block":{"block_types":{"log_monitoring_retention":{"nesting_mode":"list","block":{"attributes":{"currently_used_in_days":{"type":"number","description":"Current data age [days]","description_kind":"plain","computed":true},"currently_used_in_millis":{"type":"number","description":"Current data age [milliseconds]","description_kind":"plain","computed":true},"max_limit_in_days":{"type":"number","description":"Maximum storage limit [days].","description_kind":"plain","optional":true}},"description":"Session replay retention settings on environment level. Can be set to any value from 1 to 35 days. If skipped when editing via PUT method then already set limit will remain.","description_kind":"plain"}},"log_monitoring_storage":{"nesting_mode":"list","block":{"attributes":{"currently_used":{"type":"number","description":"Currently used storage [bytes]","description_kind":"plain","computed":true},"max_limit":{"type":"number","description":"Maximum storage limit [bytes].","description_kind":"plain","optional":true}},"description":"Log monitoring storage usage and limit information on environment level. Not editable when Log monitoring is not allowed by license or not configured on cluster level. If skipped when editing via PUT method then already set limit will remain.","description_kind":"plain"}},"real_user_monitoring_retention":{"nesting_mode":"list","block":{"attributes":{"currently_used_in_days":{"type":"number","description":"Current data age [days]","description_kind":"plain","computed":true},"currently_used_in_millis":{"type":"number","description":"Current data age [milliseconds]","description_kind":"plain","computed":true},"max_limit_in_days":{"type":"number","description":"Maximum storage limit [days].","description_kind":"plain","optional":true}},"description":"Real user monitoring retention settings on environment level. Can be set to any value from 1 to 35 days. If skipped when editing via PUT method then already set limit will remain.","description_kind":"plain"}},"service_code_level_retention":{"nesting_mode":"list","block":{"attributes":{"currently_used_in_days":{"type":"number","description":"Current data age [days]","description_kind":"plain","computed":true},"currently_used_in_millis":{"type":"number","description":"Current data age [milliseconds]","description_kind":"plain","computed":true},"max_limit_in_days":{"type":"number","description":"Maximum storage limit [days].","description_kind":"plain","optional":true}},"description":"Service code level retention settings on environment level. Service code level retention time can't be greater than service request level retention time and both can't exceed one year.If skipped when editing via PUT method then already set limit will remain.","description_kind":"plain"}},"service_request_level_retention":{"nesting_mode":"list","block":{"attributes":{"currently_used_in_days":{"type":"number","description":"Current data age [days]","description_kind":"plain","computed":true},"currently_used_in_millis":{"type":"number","description":"Current data age [milliseconds]","description_kind":"plain","computed":true},"max_limit_in_days":{"type":"number","description":"Maximum storage limit [days].","description_kind":"plain","optional":true}},"description":"Service request level retention settings on environment level. Service code level retention time can't be greater than service request level retention time and both can't exceed one year.If skipped when editing via PUT method then already set limit will remain.","description_kind":"plain"}},"session_replay_retention":{"nesting_mode":"list","block":{"attributes":{"currently_used_in_days":{"type":"number","description":"Current data age [days]","description_kind":"plain","computed":true},"currently_used_in_millis":{"type":"number","description":"Current data age [milliseconds]","description_kind":"plain","computed":true},"max_limit_in_days":{"type":"number","description":"Maximum storage limit [days].","description_kind":"plain","optional":true}},"description":"Session replay retention settings on environment level. Can be set to any value from 1 to 35 days. If skipped when editing via PUT method then already set limit will remain.","description_kind":"plain"}},"session_replay_storage":{"nesting_mode":"list","block":{"attributes":{"currently_used":{"type":"number","description":"Currently used storage [bytes]","description_kind":"plain","computed":true},"max_limit":{"type":"number","description":"Maximum storage limit [bytes].","description_kind":"plain","optional":true},"retention_reduction_percentage":{"type":"string","description":"Percentage of truncation for new data.","description_kind":"plain","computed":true},"retention_reduction_reason":{"type":"string","description":"Reason of truncation.","description_kind":"plain","computed":true}},"description":"Session replay storage usage and limit information on environment level. If skipped when editing via PUT method then already set limit will remain.","description_kind":"plain"}},"symbol_files_from_mobile_apps":{"nesting_mode":"list","block":{"attributes":{"currently_used":{"type":"number","description":"Currently used storage [bytes]","description_kind":"plain","computed":true},"max_limit":{"type":"number","description":"Maximum storage limit [bytes].","description_kind":"plain","optional":true}},"description":"Symbol files from mobile apps storage usage and limit information on environment level. If skipped when editing via PUT method then already set limit will remain.","description_kind":"plain"}},"synthetic_monitoring_retention":{"nesting_mode":"list","block":{"attributes":{"currently_used_in_days":{"type":"number","description":"Current data age [days]","description_kind":"plain","computed":true},"currently_used_in_millis":{"type":"number","description":"Current data age [milliseconds]","description_kind":"plain","computed":true},"max_limit_in_days":{"type":"number","description":"Maximum storage limit [days].","description_kind":"plain","optional":true}},"description":"Synthetic monitoring retention settings on environment level. Can be set to any value from 1 to 35 days. If skipped when editing via PUT method then already set limit will remain.","description_kind":"plain"}},"transaction_storage":{"nesting_mode":"list","block":{"attributes":{"currently_used":{"type":"number","description":"Currently used storage [bytes]","description_kind":"plain","computed":true},"max_limit":{"type":"number","description":"Maximum storage limit [bytes].","description_kind":"plain","optional":true},"retention_reduction_percentage":{"type":"string","description":"Percentage of truncation for new data.","description_kind":"plain","computed":true},"retention_reduction_reason":{"type":"string","description":"Reason of truncation.","description_kind":"plain","computed":true}},"description":"Transaction storage usage and limit information on environment level. If skipped when editing via PUT method then already set limit will remain.","description_kind":"plain"}},"transaction_traffic_quota":{"nesting_mode":"list","block":{"attributes":{"max_limit":{"type":"number","description":"Maximum traffic [units per minute]","description_kind":"plain","optional":true}},"description":"Maximum number of newly monitored entry point PurePaths captured per process/minute on environment level. Can be set to any value from 100 to 100000. If skipped when editing via PUT method then already set limit will remain.","description_kind":"plain"}},"user_actions_per_minute":{"nesting_mode":"list","block":{"attributes":{"max_limit":{"type":"number","description":"Maximum traffic [units per minute]","description_kind":"plain","optional":true}},"description":"Maximum number of user actions generated per minute on environment level. Can be set to any value from 1 to 2147483646 or left unlimited. If skipped when editing via PUT method then already set limit will remain.","description_kind":"plain"}}},"description":"Environment level storage usage and limit information. Not returned if includeStorageInfo param is not true. If skipped when editing via PUT method then already set limits will remain.","description_kind":"plain"}}},"description_kind":"plain"}},"dynatrace_maintenance_window":{"version":0,"block":{"attributes":{"description":{"type":"string","description":"A short description of the maintenance purpose.","description_kind":"plain","required":true},"id":{"type":"string","description_kind":"plain","optional":true,"computed":true},"name":{"type":"string","description":"The name of the maintenance window, displayed in the UI.","description_kind":"plain","required":true},"suppression":{"type":"string","description":"The type of suppression of alerting and problem detection during the maintenance.","description_kind":"plain","required":true},"type":{"type":"string","description":"The type of the maintenance: planned or unplanned.","description_kind":"plain","required":true}},"block_types":{"schedule":{"nesting_mode":"list","block":{"attributes":{"end":{"type":"string","description":"The end date and time of the maintenance window validity period in yyyy-mm-dd HH:mm format.","description_kind":"plain","required":true},"recurrence_type":{"type":"string","description":"The type of the schedule recurrence.","description_kind":"plain","required":true},"start":{"type":"string","description":"The start date and time of the maintenance window validity period in yyyy-mm-dd HH:mm format.","description_kind":"plain","required":true},"zone_id":{"type":"string","description":"The time zone of the start and end time. Default time zone is UTC.","description_kind":"plain","required":true}},"block_types":{"recurrence":{"nesting_mode":"list","block":{"attributes":{"day_of_month":{"type":"number","description":"The day of the month for monthly maintenance.","description_kind":"plain","optional":true},"day_of_week":{"type":"string","description":"The day of the week for weekly maintenance.","description_kind":"plain","optional":true},"duration_minutes":{"type":"number","description":"The duration of the maintenance window in minutes.","description_kind":"plain","required":true},"start_time":{"type":"string","description":"The start time of the maintenance window in HH:mm format.","description_kind":"plain","required":true}},"description":"The recurrence of the maintenance window.","description_kind":"plain"}}},"description":"The schedule of the maintenance window.","description_kind":"plain"},"min_items":1},"scope":{"nesting_mode":"list","block":{"attributes":{"entities":{"type":["list","string"],"description":"A list of Dynatrace entities (for example, hosts or services) to be included in the scope.","description_kind":"plain","optional":true}},"block_types":{"match":{"nesting_mode":"list","block":{"attributes":{"mz_id":{"type":"string","description":"The ID of a management zone to which the matched entities must belong.","description_kind":"plain","optional":true},"tag_combination":{"type":"string","description":"The logic that applies when several tags are specified: AND/OR.","description_kind":"plain","optional":true},"type":{"type":"string","description":"The type of the Dynatrace entities (for example, hosts or services) you want to pick up by matching.","description_kind":"plain","required":true}},"block_types":{"tags":{"nesting_mode":"list","block":{"attributes":{"context":{"type":"string","description":"The origin of the tag, such as AWS or Cloud Foundry.","description_kind":"plain","required":true},"key":{"type":"string","description":"The key of the tag.","description_kind":"plain","required":true},"value":{"type":"string","description":"The value of the tag.","description_kind":"plain","optional":true}},"description":"The tag you want to use for matching.","description_kind":"plain"},"min_items":1}},"description":"A matching rule for Dynatrace entities.","description_kind":"plain"}}},"description":"The scope of the maintenance window.","description_kind":"plain"},"min_items":1}},"description_kind":"plain"}},"dynatrace_management_zone":{"version":0,"block":{"attributes":{"id":{"type":"string","description_kind":"plain","optional":true,"computed":true},"name":{"type":"string","description":"The name of the management zone.","description_kind":"plain","required":true}},"block_types":{"dimensional_rule":{"nesting_mode":"list","block":{"attributes":{"applies_to":{"type":"string","description":"The target of the rule.","description_kind":"plain","required":true},"enabled":{"type":"bool","description":"The rule is enabled (true) or disabled (false).","description_kind":"plain","required":true}},"block_types":{"condition":{"nesting_mode":"list","block":{"attributes":{"condition_type":{"type":"string","description":"The type of the condition","description_kind":"plain","required":true},"key":{"type":"string","description":"The reference value for comparison. For conditions of the DIMENSION type, specify the key here.","description_kind":"plain","required":true},"rule_matcher":{"type":"string","description":"How we compare the values","description_kind":"plain","required":true},"value":{"type":"string","description":"The value of the dimension. Only applicable when the conditionType is set to DIMENSION.","description_kind":"plain","optional":true}},"description":"A list of conditions for the management zone. The management zone applies only if all conditions are fulfilled.","description_kind":"plain"},"min_items":1}},"description":"A list of dimensional data rules for management zone usage. If several rules are specified, the OR logic applies.","description_kind":"plain"}},"rule":{"nesting_mode":"list","block":{"attributes":{"enabled":{"type":"bool","description":"The rule is enabled (true) or disabled (false).","description_kind":"plain","required":true},"propagation_types":{"type":["list","string"],"description":"How to apply the management zone to underlying entities.","description_kind":"plain","optional":true},"type":{"type":"string","description":"The type of Dynatrace entities the management zone can be applied to.","description_kind":"plain","required":true}},"block_types":{"condition":{"nesting_mode":"list","block":{"block_types":{"comparison_info":{"nesting_mode":"list","block":{"attributes":{"case_sensitive":{"type":"bool","description":"Defines if value to compare to is case sensitive","description_kind":"plain","optional":true},"negate":{"type":"bool","description":"Reverses the comparison operator. For example it turns the begins with into does not begin with.","description_kind":"plain","required":true},"operator":{"type":"string","description":"Operator of the comparison. You can reverse it by setting negate to true. Possible values depend on the type of the comparison. Find the list of actual models in the description of the type field and check the description of the model you need.","description_kind":"plain","required":true},"type":{"type":"string","description":"Defines the actual set of fields depending on the value.","description_kind":"plain","required":true},"value":{"type":"string","description":"The value to compare to.","description_kind":"plain","optional":true}},"description":"Defines how the matching is actually performed: what and how are we comparing.","description_kind":"plain"},"min_items":1},"key":{"nesting_mode":"list","block":{"attributes":{"attribute":{"type":"string","description":"The attribute to be used for comparision.","description_kind":"plain","required":true},"dynamic_key":{"type":"string","description":"Dynamic key generated based on selected type/attribute.","description_kind":"plain","optional":true},"type":{"type":"string","description":"Defines the actual set of fields depending on the value.","description_kind":"plain","optional":true}},"description":"The key to identify the data we're matching.","description_kind":"plain"},"min_items":1}},"description":"A list of matching rules for the management zone. The management zone applies only if all conditions are fulfilled.","description_kind":"plain"},"min_items":1}},"description":"A list of rules for management zone usage. Each rule is evaluated independently of all other rules.","description_kind":"plain"}}},"description_kind":"plain"}},"dynatrace_notification":{"version":0,"block":{"attributes":{"accept_any_certificate":{"type":"bool","description":"Accept any, including self-signed and invalid, SSL certificate (true) or only trusted (false) certificates.","description_kind":"plain","optional":true},"account":{"type":"string","description":"The name of the PagerDuty account.","description_kind":"plain","optional":true},"active":{"type":"bool","description":"The configuration is enabled (true) or disabled (false).","description_kind":"plain","required":true},"alerting_profile":{"type":"string","description":"The ID of the associated alerting profile.","description_kind":"plain","optional":true},"api_key":{"type":"string","description":"The API key of the target account.","description_kind":"plain","optional":true,"sensitive":true},"application_key":{"type":"string","description":"The application key for the Trello account.","description_kind":"plain","optional":true,"sensitive":true},"authorization_token":{"type":"string","description":"The application token for the Trello account.","description_kind":"plain","optional":true,"sensitive":true},"bcc_receivers":{"type":["list","string"],"description":"The list of the email BCC-recipients","description_kind":"plain","optional":true},"board_id":{"type":"string","description":"The Trello board to which the card should be assigned.","description_kind":"plain","optional":true},"body":{"type":"string","description":"The template of the email notification.","description_kind":"plain","optional":true},"cc_receivers":{"type":["list","string"],"description":"The list of the email CC-recipients","description_kind":"plain","optional":true},"channel":{"type":"string","description":"The channel (for example, `#general`) or the user (for example, `@john.smith`) to send the message to.","description_kind":"plain","optional":true},"custom_message":{"type":"string","description":"The custom message of the notification.","description_kind":"plain","optional":true},"description":{"type":"string","description":"The description of the notification.","description_kind":"plain","optional":true},"domain":{"type":"string","description":"The region domain of the OpsGenie.","description_kind":"plain","optional":true},"id":{"type":"string","description_kind":"plain","optional":true,"computed":true},"instance_name":{"type":"string","description":"The ServiceNow instance identifier. It refers to the first part of your own ServiceNow URL.","description_kind":"plain","optional":true},"issue_type":{"type":"string","description":"The type of the Jira issue to be created by this notification.","description_kind":"plain","optional":true},"job_template_id":{"type":"number","description":"The ID of the target Ansible Tower job template.","description_kind":"plain","optional":true},"job_template_url":{"type":"string","description":"The URL of the target Ansible Tower job template.","description_kind":"plain","optional":true},"list_id":{"type":"string","description":"The Trello list to which the card should be assigned.","description_kind":"plain","optional":true},"message":{"type":"string","description":"The content of the message.","description_kind":"plain","optional":true},"name":{"type":"string","description":"The name of the notification configuration.","description_kind":"plain","required":true},"notify_event_merges_enabled":{"type":"bool","description":"Call webhook if new events merge into existing problems.","description_kind":"plain","optional":true},"password":{"type":"string","description":"The password required for authentication.","description_kind":"plain","optional":true,"sensitive":true},"payload":{"type":"string","description":"The content of the notification message.","description_kind":"plain","optional":true},"project_key":{"type":"string","description":"The project key of the Jira issue to be created by this notification.","description_kind":"plain","optional":true,"sensitive":true},"receivers":{"type":["list","string"],"description":"The list of the email recipients.","description_kind":"plain","optional":true},"resolved_list_id":{"type":"string","description":"The Trello list to which the card of the resolved problem should be assigned.","description_kind":"plain","optional":true},"routing_key":{"type":"string","description":"The routing key, defining the group to be notified.","description_kind":"plain","optional":true},"send_events":{"type":"bool","description":"Send events into ServiceNow ITOM.","description_kind":"plain","optional":true},"send_incidents":{"type":"bool","description":"Send incidents into ServiceNow ITSM.","description_kind":"plain","optional":true},"service_api_key":{"type":"string","description":"The API key to access PagerDuty.","description_kind":"plain","optional":true,"sensitive":true},"service_name":{"type":"string","description":"The name of the service.","description_kind":"plain","optional":true},"subject":{"type":"string","description":"The subject of the email notification.","description_kind":"plain","optional":true},"summary":{"type":"string","description":"The summary of the Jira issue to be created by this notification.","description_kind":"plain","optional":true},"text":{"type":"string","description":"The text of the generated Trello card.","description_kind":"plain","optional":true},"title":{"type":"string","description":"The content of the message.","description_kind":"plain","optional":true},"type":{"type":"string","description":"Defines the actual set of fields depending on the value.","description_kind":"plain","required":true},"url":{"type":"string","description":"The URL of the notification endpoint.","description_kind":"plain","optional":true,"sensitive":true},"username":{"type":"string","description":"The username required for authentication.","description_kind":"plain","optional":true,"sensitive":true}},"block_types":{"headers":{"nesting_mode":"list","block":{"attributes":{"name":{"type":"string","description":"The name of the HTTP header.","description_kind":"plain","required":true},"value":{"type":"string","description":"The value of the HTTP header. May contain an empty value.","description_kind":"plain","optional":true}},"description":"A list of the additional HTTP headers.","description_kind":"plain"}}},"description_kind":"plain"}},"dynatrace_web_application":{"version":0,"block":{"attributes":{"cost_control_user_session_percentage":{"type":"number","description":"Analize X% of user sessions.","description_kind":"plain","required":true},"id":{"type":"string","description_kind":"plain","optional":true,"computed":true},"load_action_key_performance_metric":{"type":"string","description":"The key performance metric of load actions.","description_kind":"plain","required":true},"name":{"type":"string","description":"The name of the web application, displayed in the UI.","description_kind":"plain","required":true},"real_user_monitoring_enabled":{"type":"bool","description":"Real user monitoring enabled/disabled.","description_kind":"plain","required":true},"type":{"type":"string","description":"The type of the web application.","description_kind":"plain","optional":true},"url_injection_pattern":{"type":"string","description":"Url injection pattern for manual web application.","description_kind":"plain","optional":true},"xhr_action_key_performance_metric":{"type":"string","description":"The key performance metric of XHR actions.","description_kind":"plain","required":true}},"block_types":{"conversion_goal":{"nesting_mode":"list","block":{"attributes":{"id":{"type":"string","description":"The ID of conversion goal. Omit it while creating a new conversion goal.","description_kind":"plain","optional":true},"name":{"type":"string","description":"The name of the conversion goal.","description_kind":"plain","required":true},"type":{"type":"string","description":"The type of the conversion goal.","description_kind":"plain","optional":true}},"block_types":{"destination_details":{"nesting_mode":"list","block":{"attributes":{"case_sensitive":{"type":"bool","description":"The match is case-sensitive (true) or (false).","description_kind":"plain","optional":true},"match_type":{"type":"string","description":"The operator of the match.","description_kind":"plain","optional":true},"url_or_path":{"type":"string","description":"The path to be reached to hit the conversion goal.","description_kind":"plain","required":true}},"description":"Configuration of a destination-based conversion goal.","description_kind":"plain"}},"user_action_details":{"nesting_mode":"list","block":{"attributes":{"action_type":{"type":"string","description":"Type of the action to which the rule applies.","description_kind":"plain","optional":true},"case_sensitive":{"type":"bool","description":"The match is case-sensitive (true) or (false).","description_kind":"plain","optional":true},"match_entity":{"type":"string","description":"The type of the entity to which the rule applies.","description_kind":"plain","optional":true},"match_type":{"type":"string","description":"The operator of the match.","description_kind":"plain","optional":true},"value":{"type":"string","description":"The value to be matched to hit the conversion goal.","description_kind":"plain","optional":true}},"description":"Configuration of a user action-based conversion goal.","description_kind":"plain"}},"visit_duration_details":{"nesting_mode":"list","block":{"attributes":{"duration_in_millis":{"type":"number","description":"The duration of session to hit the conversion goal, in milliseconds.","description_kind":"plain","required":true}},"description":"Configuration of a visit duration-based conversion goal.","description_kind":"plain"}},"visit_num_action_details":{"nesting_mode":"list","block":{"attributes":{"num_user_actions":{"type":"number","description":"The number of user actions to hit the conversion goal.","description_kind":"plain","optional":true}},"description":"Configuration of a number of user actions-based conversion goal.","description_kind":"plain"}}},"description":"A list of conversion goals of the application.","description_kind":"plain"}},"custom_action_apdex_settings":{"nesting_mode":"list","block":{"attributes":{"frustrating_fallback_threshold":{"type":"number","description":"Fallback threshold of an XHR action, defining a tolerable user experience, when the configured KPM is not available.","description_kind":"plain","optional":true},"frustrating_threshold":{"type":"number","description":"Maximal value of apdex, which is considered as tolerable user experience.","description_kind":"plain","optional":true},"threshold":{"type":"number","description":"Maximal value of apdex, which is considered as satisfied user experience.","description_kind":"plain","optional":true},"tolerated_fallback_threshold":{"type":"number","description":"Fallback threshold of an XHR action, defining a satisfied user experience, when the configured KPM is not available.","description_kind":"plain","optional":true},"tolerated_threshold":{"type":"number","description":"Maximal value of apdex, which is considered as satisfied user experience.","description_kind":"plain","optional":true}},"description":"Defines the Apdex settings of an application.","description_kind":"plain"},"min_items":1},"load_action_apdex_settings":{"nesting_mode":"list","block":{"attributes":{"frustrating_fallback_threshold":{"type":"number","description":"Fallback threshold of an XHR action, defining a tolerable user experience, when the configured KPM is not available.","description_kind":"plain","optional":true},"frustrating_threshold":{"type":"number","description":"Maximal value of apdex, which is considered as tolerable user experience.","description_kind":"plain","optional":true},"threshold":{"type":"number","description":"Maximal value of apdex, which is considered as satisfied user experience.","description_kind":"plain","optional":true},"tolerated_fallback_threshold":{"type":"number","description":"Fallback threshold of an XHR action, defining a satisfied user experience, when the configured KPM is not available.","description_kind":"plain","optional":true},"tolerated_threshold":{"type":"number","description":"Maximal value of apdex, which is considered as satisfied user experience.","description_kind":"plain","optional":true}},"description":"Defines the Apdex settings of an application.","description_kind":"plain"},"min_items":1},"metadata_capture_setting":{"nesting_mode":"list","block":{"attributes":{"capturing_name":{"type":"string","description":"The name of the meta data to capture.","description_kind":"plain","required":true},"name":{"type":"string","description":"Name for displaying the captured values in Dynatrace.","description_kind":"plain","required":true},"public_metadata":{"type":"bool","description":"True if this metadata should be captured regardless of the privacy settings.","description_kind":"plain","optional":true},"type":{"type":"string","description":"The type of the meta data to capture.","description_kind":"plain","required":true},"unique_id":{"type":"number","description":"The unique id of the meta data to capture.","description_kind":"plain","optional":true}},"description":"Java script agent meta data capture settings.","description_kind":"plain"}},"monitoring_settings":{"nesting_mode":"list","block":{"attributes":{"add_cross_origin_anonymous_attribute":{"type":"bool","description":"Add the cross origin = anonymous attribute to capture JavaScript error messages and W3C resource timings.","description_kind":"plain","optional":true},"cache_control_header_optimizations":{"type":"bool","description":"Optimize the value of cache control headers for use with Dynatrace real user monitoring enabled/disabled.","description_kind":"plain","required":true},"cookie_placement_domain":{"type":"string","description":"Domain for cookie placement.","description_kind":"plain","required":true},"correlation_header_inclusion_regex":{"type":"string","description":"To enable RUM for XHR calls to AWS Lambda, define a regular expression matching these calls, Dynatrace can then automatically add a custom header (x-dtc) to each such request to the respective endpoints in AWS. Important: These endpoints must accept the x-dtc header, or the requests will fail.","description_kind":"plain","optional":true},"custom_configuration_properties":{"type":"string","description":"Additional JavaScript tag properties that are specific to your application. To do this, type key=value pairs separated using a (|) symbol.","description_kind":"plain","required":true},"exclude_xhr_regex":{"type":"string","description":"You can exclude some actions from becoming XHR actions. Put a regular expression, matching all the required URLs, here. If noting specified the feature is disabled.","description_kind":"plain","required":true},"fetch_requests":{"type":"bool","description":"fetch() request capture enabled/disabled.","description_kind":"plain","required":true},"injection_mode":{"type":"string","description":"JavaScript injection mode.","description_kind":"plain","required":true},"library_file_location":{"type":"string","description":"The location of your application’s custom JavaScript library file. If nothing specified the root directory of your web server is used. Only supported by auto-injected applications.","description_kind":"plain","optional":true},"monitoring_data_path":{"type":"string","description":"The location to send monitoring data from the JavaScript tag. Specify either a relative or an absolute URL. If you use an absolute URL, data will be sent using CORS.","description_kind":"plain","optional":true},"script_tag_cache_duration_in_hours":{"type":"number","description":"Time duration for the cache settings.","description_kind":"plain","optional":true},"secure_cookie_attribute":{"type":"bool","description":"Secure attribute usage for Dynatrace cookies enabled/disabled.","description_kind":"plain","required":true},"server_request_path_id":{"type":"string","description":"Path to identify the server’s request ID.","description_kind":"plain","required":true},"xml_http_request":{"type":"bool","description":"XmlHttpRequest support enabled/disabled.","description_kind":"plain","required":true}},"block_types":{"advanced_javascript_tag_settings":{"nesting_mode":"list","block":{"attributes":{"instrument_unsupported_ajax_frameworks":{"type":"bool","description":"Instrumentation of unsupported Ajax frameworks enabled/disabled.","description_kind":"plain","required":true},"max_action_name_length":{"type":"number","description":"Maximum character length for action names. Valid values range from 5 to 10000.","description_kind":"plain","required":true},"max_errors_to_capture":{"type":"number","description":"Maximum number of errors to be captured per page. Valid values range from 0 to 50.","description_kind":"plain","required":true},"special_characters_to_escape":{"type":"string","description":"Additional special characters that are to be escaped using non-alphanumeric characters in HTML escape format.","description_kind":"plain","required":true},"sync_beacon_firefox":{"type":"bool","description":"Send the beacon signal as a synchronous XMLHttpRequest using Firefox enabled/disabled.","description_kind":"plain","optional":true},"sync_beacon_internet_explorer":{"type":"bool","description":"Send the beacon signal as a synchronous XMLHttpRequest using Internet Explorer enabled/disabled.","description_kind":"plain","optional":true}},"block_types":{"additional_event_handlers":{"nesting_mode":"list","block":{"attributes":{"blur_event_handler":{"type":"bool","description":"Blur event handler enabled/disabled.","description_kind":"plain","required":true},"change_event_handler":{"type":"bool","description":"Change event handler enabled/disabled.","description_kind":"plain","required":true},"click_event_handler":{"type":"bool","description":"Click event handler enabled/disabled.","description_kind":"plain","required":true},"max_dom_nodes_to_instrument":{"type":"number","description":"Max. number of DOM nodes to instrument. Valid values range from 0 to 100000.","description_kind":"plain","required":true},"mouseup_event_handler":{"type":"bool","description":"Mouseup event handler enabled/disabled.","description_kind":"plain","required":true},"to_string_method":{"type":"bool","description":"toString method enabled/disabled.","description_kind":"plain","required":true},"user_mouseup_event_for_clicks":{"type":"bool","description":"Use mouseup event for clicks enabled/disabled.","description_kind":"plain","required":true}},"description":"Additional event handlers and wrappers.","description_kind":"plain"},"min_items":1},"event_wrapper_settings":{"nesting_mode":"list","block":{"attributes":{"blur":{"type":"bool","description":"Blur enabled/disabled.","description_kind":"plain","required":true},"change":{"type":"bool","description":"Change enabled/disabled.","description_kind":"plain","required":true},"click":{"type":"bool","description":"Click enabled/disabled","description_kind":"plain","required":true},"mouse_up":{"type":"bool","description":"MouseUp enabled/disabled.","description_kind":"plain","required":true},"touch_end":{"type":"bool","description":"TouchEnd enabled/disabled.","description_kind":"plain","required":true},"touch_start":{"type":"bool","description":"TouchStart enabled/disabled.","description_kind":"plain","required":true}},"description":"In addition to the event handlers, events called using addEventListener or attachEvent can be captured. Be careful with this option! Event wrappers can conflict with the JavaScript code on a web pag.","description_kind":"plain"},"min_items":1},"global_event_capture_settings":{"nesting_mode":"list","block":{"attributes":{"additional_event_captured_as_user_input":{"type":"string","description":"Additional events to be captured globally as user input. For example, DragStart or DragEnd.","description_kind":"plain","required":true},"click":{"type":"bool","description":"Click enabled/disabled.","description_kind":"plain","required":true},"double_click":{"type":"bool","description":"DoubleClick enabled/disabled.","description_kind":"plain","required":true},"key_down":{"type":"bool","description":"KeyDown enabled/disabled.","description_kind":"plain","required":true},"key_up":{"type":"bool","description":"KeyUp enabled/disabled.","description_kind":"plain","required":true},"mouse_down":{"type":"bool","description":"MouseDown enabled/disabled.","description_kind":"plain","required":true},"mouse_up":{"type":"bool","description":"MouseUp enabled/disabled.","description_kind":"plain","required":true},"scroll":{"type":"bool","description":"Scroll enabled/disabled.","description_kind":"plain","required":true}},"description":"Global event capture settings.","description_kind":"plain"},"min_items":1}},"description":"Advanced JavaScript tag settings.","description_kind":"plain"},"min_items":1},"browser_restriction_settings":{"nesting_mode":"list","block":{"attributes":{"mode":{"type":"string","description":"The mode of the list of browser restrictions.","description_kind":"plain","required":true}},"block_types":{"browser_restriction":{"nesting_mode":"list","block":{"attributes":{"browser_type":{"type":"string","description":"The type of the browser that is used.","description_kind":"plain","required":true},"browser_version":{"type":"string","description":"The version of the browser that is used.","description_kind":"plain","optional":true},"comparator":{"type":"string","description":"Compares different browsers together.","description_kind":"plain","optional":true},"platform":{"type":"string","description":"The platform on which the browser is being used.","description_kind":"plain","optional":true}},"description":"A list of browser restrictions.","description_kind":"plain"}}},"description":"Settings for restricting certain browser type, version, platform and, comparator. It also restricts the mode.","description_kind":"plain"}},"content_capture":{"nesting_mode":"list","block":{"attributes":{"javascript_errors":{"type":"bool","description":"JavaScript errors monitoring enabled/disabled.","description_kind":"plain","required":true},"visually_complete_and_speed_index":{"type":"bool","description":"Visually complete and Speed index support enabled/disabled.","description_kind":"plain","required":true}},"block_types":{"resource_timing_settings":{"nesting_mode":"list","block":{"attributes":{"non_w3c_resource_timings":{"type":"bool","description":"Timing for JavaScript files and images on non-W3C supported browsers enabled/disabled.","description_kind":"plain","required":true},"non_w3c_resource_timings_instrumentation_delay":{"type":"number","description":"Instrumentation delay for monitoring resource and image resource impact in browsers that don't offer W3C resource timings. Valid values range from 0 to 9999. Only effective if nonW3cResourceTimings is enabled","description_kind":"plain","required":true},"resource_timing_capture_type":{"type":"string","description":"Defines how detailed resource timings are captured.","description_kind":"plain","required":true},"resource_timings_domain_limit":{"type":"number","description":"Limits the number of domains for which W3C resource timings are captured. Only effective if resourceTimingCaptureType is CAPTURE_LIMITED_SUMMARIES.","description_kind":"plain","required":true},"w3c_resource_timings":{"type":"bool","description":"W3C resource timings for third party/CDN enabled/disabled.","description_kind":"plain","required":true}},"description":"Settings for resource timings capture.","description_kind":"plain"},"min_items":1},"timeout_settings":{"nesting_mode":"list","block":{"attributes":{"temporary_action_limit":{"type":"number","description":"Defines how deep temporary actions may cascade. 0 disables temporary actions completely. Recommended value if enabled is 3.","description_kind":"plain","required":true},"temporary_action_total_timeout":{"type":"number","description":"The total timeout of all cascaded timeouts that should still be able to create a temporary action.","description_kind":"plain","required":true},"timed_action_support":{"type":"bool","description":"Timed action support enabled/disabled. Enable to detect actions that trigger sending of XHRs via setTimout methods.","description_kind":"plain","required":true}},"description":"Settings for timed action capture.","description_kind":"plain"},"min_items":1},"visually_complete_2_settings":{"nesting_mode":"list","block":{"attributes":{"image_url_blacklist":{"type":"string","description":"A RegularExpression used to exclude images and iframes from being detected by the VC module.","description_kind":"plain","optional":true},"inactivity_timeout":{"type":"number","description":"The time in ms the VC module waits for no mutations happening on the page after the load action. Defaults to 1000.","description_kind":"plain","optional":true},"mutation_blacklist":{"type":"string","description":"Query selector for mutation nodes to ignore in VC and SI calculation.","description_kind":"plain","optional":true},"mutation_timeout":{"type":"number","description":"Determines the time in ms VC waits after an action closes to start calculation. Defaults to 50.","description_kind":"plain","optional":true},"threshold":{"type":"number","description":"Minimum visible area in pixels of elements to be counted towards VC and SI. Defaults to 50.","description_kind":"plain","optional":true}},"description":"Settings for VisuallyComplete2","description_kind":"plain"}}},"description":"Settings for content capture.","description_kind":"plain"},"min_items":1},"ip_address_restriction_settings":{"nesting_mode":"list","block":{"attributes":{"mode":{"type":"string","description":"The mode of the list of ip address restrictions.","description_kind":"plain","optional":true}},"block_types":{"ip_address_restriction":{"nesting_mode":"list","block":{"attributes":{"address":{"type":"string","description":"The IP address to be mapped.","description_kind":"plain","required":true},"address_to":{"type":"string","description":"The to address of the IP address range.","description_kind":"plain","optional":true},"subnet_mask":{"type":"number","description":"The subnet mask of the IP address range.","description_kind":"plain","optional":true}},"description":"The IP address or the IP address range to be mapped to the location.","description_kind":"plain"}}},"description":"Settings for restricting certain ip addresses and for introducing subnet mask. It also restricts the mode.","description_kind":"plain"}},"javascript_framework_support":{"nesting_mode":"list","block":{"attributes":{"activex_object":{"type":"bool","description":"ActiveXObject detection support enabled/disabled.","description_kind":"plain","required":true},"angular":{"type":"bool","description":"AngularJS and Angular support enabled/disabled.","description_kind":"plain","required":true},"dojo":{"type":"bool","description":"Dojo support enabled/disabled.","description_kind":"plain","required":true},"ext_js":{"type":"bool","description":"ExtJS, Sencha Touch support enabled/disabled.","description_kind":"plain","required":true},"icefaces":{"type":"bool","description":"ICEfaces support enabled/disabled.","description_kind":"plain","required":true},"jquery":{"type":"bool","description":"jQuery, Backbone.js support enabled/disabled.","description_kind":"plain","required":true},"moo_tools":{"type":"bool","description":"MooTools support enabled/disabled.","description_kind":"plain","required":true},"prototype":{"type":"bool","description":"Prototype support enabled/disabled.","description_kind":"plain","required":true}},"description":"Support of various JavaScript frameworks.","description_kind":"plain"},"min_items":1},"javascript_injection_rule":{"nesting_mode":"list","block":{"attributes":{"enabled":{"type":"bool","description":"The enable or disable rule of the java script injection.","description_kind":"plain","required":true},"html_pattern":{"type":"string","description":"The html pattern of the java script injection.","description_kind":"plain","optional":true},"rule":{"type":"string","description":"The url rule of the java script injection.","description_kind":"plain","required":true},"url_operator":{"type":"string","description":"The url operator of the java script injection.","description_kind":"plain","required":true},"url_pattern":{"type":"string","description":"The url pattern of the java script injection.","description_kind":"plain","optional":true}},"description":"Rules for javascript injection.","description_kind":"plain"}}},"description":"Real user monitoring settings.","description_kind":"plain"},"min_items":1},"session_replay_config":{"nesting_mode":"list","block":{"attributes":{"cost_control_percentage":{"type":"number","description":"Session replay sampling rating in percentage.","description_kind":"plain","required":true},"enabled":{"type":"bool","description":"You can exclude some actions from becoming XHR actions. Put a regular expression, matching all the required URLs, here. If noting specified the feature is disabled.","description_kind":"plain","required":true}},"description":"Session replay settings","description_kind":"plain"},"min_items":1},"user_action_and_session_property":{"nesting_mode":"list","block":{"attributes":{"aggregation":{"type":"string","description":"The aggregation type of the property.","description_kind":"plain","optional":true},"cleanup_rule":{"type":"string","description":"The cleanup rule of the property.","description_kind":"plain","optional":true},"display_name":{"type":"string","description":"The display name of the property.","description_kind":"plain","optional":true},"ignore_case":{"type":"bool","description":"If true, the value of this property will always be stored in lower case. Defaults to false.","description_kind":"plain","required":true},"key":{"type":"string","description":"Key of the property.","description_kind":"plain","required":true},"metadata_id":{"type":"number","description":"If the origin is META_DATA, metaData id of the property.","description_kind":"plain","optional":true},"origin":{"type":"string","description":"The origin of the property.","description_kind":"plain","required":true},"server_side_request_attribute":{"type":"string","description":"The ID of the request attribute.","description_kind":"plain","optional":true},"store_as_session_property":{"type":"bool","description":"If true, the property is stored as a session property.","description_kind":"plain","optional":true},"store_as_user_action_property":{"type":"bool","description":"If true, the property is stored as a user action property.","description_kind":"plain","optional":true},"type":{"type":"string","description":"The data type of the property.","description_kind":"plain","required":true},"unique_id":{"type":"number","description":"The ID of the request attribute.","description_kind":"plain","required":true}},"description":"Defines userAction and session custom defined properties settings of an application.","description_kind":"plain"}},"user_action_naming_settings":{"nesting_mode":"list","block":{"attributes":{"ignore_case":{"type":"bool","description":"Case insensitive naming.","description_kind":"plain","optional":true},"split_user_actions_by_domain":{"type":"bool","description":"Deactivate this setting if different domains should not result in separate user actions.","description_kind":"plain","optional":true},"use_first_detected_load_action":{"type":"bool","description":"First load action found under an XHR action should be used when true. Else the deepest one under the xhr action is used.","description_kind":"plain","optional":true}},"block_types":{"custom_action_naming_rule":{"nesting_mode":"list","block":{"attributes":{"template":{"type":"string","description":"Naming pattern. Use Curly brackets {} to select placeholders.","description_kind":"plain","required":true}},"block_types":{"condition":{"nesting_mode":"list","block":{"attributes":{"operand1":{"type":"string","description":"Must be a defined placeholder wrapped in curly braces.","description_kind":"plain","required":true},"operand2":{"type":"string","description":"Must be null if operator is \"IS_EMPTY\", a regex if operator is \"MATCHES_REGULAR_ERPRESSION\". In all other cases the value can be a freetext or a placeholder wrapped in curly braces.","description_kind":"plain","optional":true},"operator":{"type":"string","description":"The operator of the condition.","description_kind":"plain","required":true}},"description":"Defines the conditions when the naming rule should apply.","description_kind":"plain"}}},"description":"User action naming rules for custom actions.","description_kind":"plain"}},"load_action_naming_rule":{"nesting_mode":"list","block":{"attributes":{"template":{"type":"string","description":"Naming pattern. Use Curly brackets {} to select placeholders.","description_kind":"plain","required":true}},"block_types":{"condition":{"nesting_mode":"list","block":{"attributes":{"operand1":{"type":"string","description":"Must be a defined placeholder wrapped in curly braces.","description_kind":"plain","required":true},"operand2":{"type":"string","description":"Must be null if operator is \"IS_EMPTY\", a regex if operator is \"MATCHES_REGULAR_ERPRESSION\". In all other cases the value can be a freetext or a placeholder wrapped in curly braces.","description_kind":"plain","optional":true},"operator":{"type":"string","description":"The operator of the condition.","description_kind":"plain","required":true}},"description":"Defines the conditions when the naming rule should apply.","description_kind":"plain"}}},"description":"User action naming rules for loading actions","description_kind":"plain"}},"placeholder":{"nesting_mode":"list","block":{"attributes":{"input":{"type":"string","description":"Input.","description_kind":"plain","required":true},"metadata_id":{"type":"number","description":"Id of the metadata.","description_kind":"plain","optional":true},"name":{"type":"string","description":"Placeholder name.","description_kind":"plain","required":true},"processing_part":{"type":"string","description":"Part.","description_kind":"plain","required":true},"use_guessed_element_identifier":{"type":"bool","description":"Use the element identifier that was selected by Dynatrace.","description_kind":"plain","required":true}},"block_types":{"processing_steps":{"nesting_mode":"list","block":{"attributes":{"fallback_to_input":{"type":"bool","description":"If set to true: Returns the input if patternBefore or patternAfter cannot be found and the type is SUBSTRING. Returns the input if regularExpression doesn't match and type is EXTRACT_BY_REGULAR_EXPRESSION. Otherwise null is returned.","description_kind":"plain","optional":true},"pattern_after":{"type":"string","description":"The pattern after the required value. It will be removed.","description_kind":"plain","optional":true},"pattern_after_search_type":{"type":"string","description":"The required occurrence of patternAfter.","description_kind":"plain","optional":true},"pattern_before":{"type":"string","description":"The pattern before the required value. It will be removed.","description_kind":"plain","optional":true},"pattern_before_search_type":{"type":"string","description":"The required occurrence of patternBefore.","description_kind":"plain","optional":true},"pattern_to_replace":{"type":"string","description":"The pattern to be replaced. Only applicable if the type is REPLACE_WITH_PATTERN.","description_kind":"plain","optional":true},"regular_expression":{"type":"string","description":"A regular expression for the string to be extracted or replaced. Only applicable if the type is EXTRACT_BY_REGULAR_EXPRESSION or REPLACE_WITH_REGULAR_EXPRESSION.","description_kind":"plain","optional":true},"replacement":{"type":"string","description":"Replacement for the original value.","description_kind":"plain","optional":true},"type":{"type":"string","description":"An action to be taken by the processing.","description_kind":"plain","required":true}},"description":"Processing actions","description_kind":"plain"}}},"description":"User action placeholders","description_kind":"plain"}},"xhr_action_naming_rule":{"nesting_mode":"list","block":{"attributes":{"template":{"type":"string","description":"Naming pattern. Use Curly brackets {} to select placeholders.","description_kind":"plain","required":true}},"block_types":{"condition":{"nesting_mode":"list","block":{"attributes":{"operand1":{"type":"string","description":"Must be a defined placeholder wrapped in curly braces.","description_kind":"plain","required":true},"operand2":{"type":"string","description":"Must be null if operator is \"IS_EMPTY\", a regex if operator is \"MATCHES_REGULAR_ERPRESSION\". In all other cases the value can be a freetext or a placeholder wrapped in curly braces.","description_kind":"plain","optional":true},"operator":{"type":"string","description":"The operator of the condition.","description_kind":"plain","required":true}},"description":"Defines the conditions when the naming rule should apply.","description_kind":"plain"}}},"description":"User action naming rules for xhr actions.","description_kind":"plain"}}},"description":"Defines userAction and session custom defined properties settings of an application.","description_kind":"plain"}},"user_tag":{"nesting_mode":"list","block":{"attributes":{"cleanup_rule":{"type":"string","description":"Cleanup rule expression of the userTag","description_kind":"plain","optional":true},"ignore_case":{"type":"bool","description":"If true, the value of this tag will always be stored in lower case. Defaults to false.","description_kind":"plain","optional":true},"metadata_id":{"type":"number","description":"If it's of type metaData, metaData id of the userTag.","description_kind":"plain","optional":true},"server_side_request_attribute":{"type":"string","description":"requestAttribute Id of the userTag","description_kind":"plain","optional":true},"unique_id":{"type":"number","description":"UniqueId, unique among all userTags and properties of this application.","description_kind":"plain","required":true}},"description":"User Tags settings.","description_kind":"plain"}},"waterfall_settings":{"nesting_mode":"list","block":{"attributes":{"resources_browser_caching_threshold":{"type":"number","description":"Warn about resources with a lower browser cache rate above X%.","description_kind":"plain","required":true},"resources_threshold":{"type":"number","description":"Warn about resources larger than X bytes.","description_kind":"plain","required":true},"slow_cdn_resources_threshold":{"type":"number","description":"Warn about slow CDN resources with a response time above X ms.","description_kind":"plain","required":true},"slow_first_party_resources_threshold":{"type":"number","description":"Warn about slow 1st party resources with a response time above X ms.","description_kind":"plain","required":true},"slow_third_party_resources_threshold":{"type":"number","description":"Warn about slow 3rd party resources with a response time above X ms.","description_kind":"plain","required":true},"speed_index_visually_complete_ratio_threshold":{"type":"number","description":"Warn if Speed index exceeds X % of Visually complete.","description_kind":"plain","required":true},"uncompressed_resources_threshold":{"type":"number","description":"Warn about uncompressed resources larger than X bytes.","description_kind":"plain","required":true}},"description":"These settings influence the monitoring data you receive for 3rd party, CDN, and 1st party resources.","description_kind":"plain"},"min_items":1},"xhr_action_apdex_settings":{"nesting_mode":"list","block":{"attributes":{"frustrating_fallback_threshold":{"type":"number","description":"Fallback threshold of an XHR action, defining a tolerable user experience, when the configured KPM is not available.","description_kind":"plain","optional":true},"frustrating_threshold":{"type":"number","description":"Maximal value of apdex, which is considered as tolerable user experience.","description_kind":"plain","optional":true},"threshold":{"type":"number","description":"Maximal value of apdex, which is considered as satisfied user experience.","description_kind":"plain","optional":true},"tolerated_fallback_threshold":{"type":"number","description":"Fallback threshold of an XHR action, defining a satisfied user experience, when the configured KPM is not available.","description_kind":"plain","optional":true},"tolerated_threshold":{"type":"number","description":"Maximal value of apdex, which is considered as satisfied user experience.","description_kind":"plain","optional":true}},"description":"Defines the Apdex settings of an application.","description_kind":"plain"},"min_items":1}},"description_kind":"plain"}}},"data_source_schemas":{"dynatrace_alerting_profile":{"version":0,"block":{"attributes":{"display_name":{"type":"string","description":"The name of the Dynatrace entity.","description_kind":"plain","optional":true},"id":{"type":"string","description":"The ID of the Dynatrace entity.","description_kind":"plain","optional":true}},"description_kind":"plain"}},"dynatrace_management_zone":{"version":0,"block":{"attributes":{"id":{"type":"string","description":"The ID of the Dynatrace entity.","description_kind":"plain","optional":true},"name":{"type":"string","description":"The name of the Dynatrace entity.","description_kind":"plain","optional":true}},"description_kind":"plain"}},"dynatrace_web_application":{"version":0,"block":{"attributes":{"id":{"type":"string","description":"The ID of the Dynatrace entity.","description_kind":"plain","optional":true},"name":{"type":"string","description":"The name of the Dynatrace entity.","description_kind":"plain","optional":true}},"description_kind":"plain"}}}}}}
