{"format_version":"0.2","provider_schemas":{"registry.terraform.io/lukasaron/stripe":{"provider":{"version":0,"block":{"attributes":{"api_key":{"type":"string","description":"The Stripe secret API key","description_kind":"plain","required":true,"sensitive":true}},"description_kind":"plain"}},"resource_schemas":{"stripe_card":{"version":0,"block":{"attributes":{"address":{"type":["map","string"],"description":"Address map with fields related to the address: line1, line2, city, state, zip and country","description_kind":"plain","optional":true},"address_line1_check":{"type":"string","description":"If address_line1 was provided, results of the check: pass, fail, unavailable, or unchecked.","description_kind":"plain","computed":true},"address_zip_check":{"type":"string","description":"If address_zip was provided, results of the check: pass, fail, unavailable, or unchecked.","description_kind":"plain","computed":true},"available_payout_methods":{"type":["list","string"],"description":"A set of available payout methods for this card. Only values from this set should be passed as the method when creating a payout.","description_kind":"plain","computed":true},"brand":{"type":"string","description":"Card brand. Can be American Express, Diners Club, Discover, JCB, MasterCard, UnionPay, Visa, or Unknown.","description_kind":"plain","computed":true},"country":{"type":"string","description":"Two-letter ISO code representing the country of the card. You could use this attribute to get a sense of the international breakdown of cards you’ve collected.","description_kind":"plain","computed":true},"customer":{"type":"string","description":"The customer that this card belongs to. ","description_kind":"plain","required":true},"cvc":{"type":"number","description":"Card security code. Highly recommended to always include this value, but it's required only for accounts based in European countries.","description_kind":"plain","optional":true,"sensitive":true},"cvc_check":{"type":"string","description":"If a CVC was provided, results of the check: pass, fail, unavailable, or unchecked. A result of unchecked indicates that CVC was provided but hasn’t been checked yet.","description_kind":"plain","computed":true},"exp_month":{"type":"number","description":"Two-digit number representing the card's expiration month.","description_kind":"plain","required":true},"exp_year":{"type":"number","description":"Four-digit number representing the card's expiration year.","description_kind":"plain","required":true},"fingerprint":{"type":"string","description":"Uniquely identifies this particular card number. You can use this attribute to check whether two customers who’ve signed up with you are using the same card number, for example. For payment methods that tokenize card information (Apple Pay, Google Pay), the tokenized number might be provided instead of the underlying card number.","description_kind":"plain","computed":true},"funding":{"type":"string","description":"Card funding type. Can be credit, debit, prepaid, or unknown.","description_kind":"plain","computed":true},"id":{"type":"string","description":"Unique identifier for the object.","description_kind":"plain","computed":true},"last4":{"type":"string","description":"The last four digits of the card.","description_kind":"plain","computed":true},"metadata":{"type":["map","string"],"description":"Set of key-value pairs that you can attach to an object. This can be useful for storing additional information about the object in a structured format.","description_kind":"plain","optional":true},"name":{"type":"string","description":"Cardholder name.","description_kind":"plain","optional":true},"number":{"type":"string","description":"The card number, as a string without any separators.","description_kind":"plain","required":true,"sensitive":true},"tokenization_method":{"type":"string","description":"If the card number is tokenized, this is the method that was used. Can be android_pay (includes Google Pay), apple_pay, masterpass, visa_checkout, or null.","description_kind":"plain","computed":true}},"description_kind":"plain"}},"stripe_coupon":{"version":0,"block":{"attributes":{"amount_off":{"type":"number","description":"Amount (in the currency specified) that will be taken off the subtotal of any invoices for this customer.","description_kind":"plain","optional":true},"applies_to":{"type":["list","string"],"description":"A list of product IDs this coupon applies to","description_kind":"plain","optional":true},"currency":{"type":"string","description":"If amount_off has been set, the three-letter ISO code for the currency of the amount to take off.","description_kind":"plain","optional":true},"duration":{"type":"string","description":"One of forever, once, and repeating. Describes how long a customer who applies this coupon will get the discount.","description_kind":"plain","optional":true},"duration_in_months":{"type":"number","description":"If duration is repeating, the number of months the coupon applies. Null if coupon duration is forever or once.","description_kind":"plain","optional":true},"id":{"type":"string","description":"Unique identifier for the object.","description_kind":"plain","computed":true},"max_redemptions":{"type":"number","description":"Maximum number of times this coupon can be redeemed, in total, across all customers, before it is no longer valid.","description_kind":"plain","optional":true},"metadata":{"type":["map","string"],"description":"Set of key-value pairs that you can attach to an object. This can be useful for storing additional information about the object in a structured format.","description_kind":"plain","optional":true},"name":{"type":"string","description":"Name of the coupon displayed to customers on for instance invoices or receipts.","description_kind":"plain","optional":true},"percent_off":{"type":"number","description":"Percent that will be taken off the subtotal of any invoices for this customer for the duration of the coupon. For example, a coupon with percent_off of 50 will make a $100 invoice $50 instead.","description_kind":"plain","optional":true},"redeem_by":{"type":"string","description":"Date after which the coupon can no longer be redeemed. Expected format is RFC3339","description_kind":"plain","optional":true},"times_redeemed":{"type":"number","description":"Number of times this coupon has been applied to a customer.","description_kind":"plain","computed":true},"valid":{"type":"bool","description":"Taking account of the above properties, whether this coupon can still be applied to a customer.","description_kind":"plain","computed":true}},"description_kind":"plain"}},"stripe_customer":{"version":0,"block":{"attributes":{"address":{"type":["map","string"],"description":"Address map with fields related to the address: line1, line2, city, state, postal_code and country","description_kind":"plain","optional":true},"balance":{"type":"number","description":"An integer amount in cents that represents the customer’s current balance, which affect the customer’s future invoices. A negative amount represents a credit that decreases the amount due on an invoice; a positive amount increases the amount due on an invoice.","description_kind":"plain","optional":true},"default_invoice_prefix":{"type":"string","description":"The default (auto-generated) prefix for the customer used to generate unique invoice numbers. ","description_kind":"plain","computed":true},"description":{"type":"string","description":"An arbitrary string that you can attach to a customer object. It is displayed alongside the customer in the dashboard.","description_kind":"plain","optional":true},"email":{"type":"string","description":"Customer’s email address. It’s displayed alongside the customer in your dashboard and can be useful for searching and tracking. This may be up to 512 characters.","description_kind":"plain","optional":true},"id":{"type":"string","description":"Unique identifier for the object.","description_kind":"plain","computed":true},"invoice_prefix":{"type":"string","description":"The prefix for the customer used to generate unique invoice numbers. Must be 3–12 uppercase letters or numbers.","description_kind":"plain","optional":true},"invoice_settings":{"type":["map","string"],"description":"Default invoice settings for this customer.","description_kind":"plain","optional":true},"metadata":{"type":["map","string"],"description":"Set of key-value pairs that you can attach to an object. This can be useful for storing additional information about the object in a structured format.","description_kind":"plain","optional":true},"name":{"type":"string","description":"The customer’s full name or business name.","description_kind":"plain","optional":true},"next_invoice_sequence":{"type":"number","description":"The sequence to be used on the customer’s next invoice. Defaults to 1.","description_kind":"plain","optional":true},"phone":{"type":"string","description":"The customer’s phone number.","description_kind":"plain","optional":true},"preferred_locales":{"type":["list","string"],"description":"Customer’s preferred languages, ordered by preference.","description_kind":"plain","optional":true},"shipping":{"type":["map","string"],"description":"Shipping map with fields like name, phone and fields related to the address: line1, line2, city, state, postal_code and country. ","description_kind":"plain","optional":true}},"description_kind":"plain"}},"stripe_price":{"version":0,"block":{"attributes":{"active":{"type":"bool","description":"Whether the price can be used for new purchases. Defaults to true.","description_kind":"plain","optional":true},"billing_scheme":{"type":"string","description":"Describes how to compute the price per period. Either per_unit or tiered. per_unit indicates that the fixed amount (specified in unit_amount or unit_amount_decimal) will be charged per unit in quantity (for prices with usage_type=licensed), or per unit of total usage (for prices with usage_type=metered). tiered indicates that the unit pricing will be computed using a tiering strategy as defined using the tiers and tiers_mode attributes.","description_kind":"plain","optional":true},"currency":{"type":"string","description":"Three-letter ISO currency code, in lowercase.","description_kind":"plain","required":true},"id":{"type":"string","description":"Unique identifier for the object.","description_kind":"plain","computed":true},"lookup_key":{"type":"string","description":"A lookup key used to retrieve prices dynamically from a static string.","description_kind":"plain","optional":true},"metadata":{"type":["map","string"],"description":"Set of key-value pairs that you can attach to an object. This can be useful for storing additional information about the object in a structured format.","description_kind":"plain","optional":true},"nickname":{"type":"string","description":"A brief description of the price, hidden from customers.","description_kind":"plain","optional":true},"product":{"type":"string","description":"The ID of the product that this price will belong to.","description_kind":"plain","required":true},"tax_behaviour":{"type":"string","description":"Specifies whether the price is considered inclusive of taxes or exclusive of taxes. One of inclusive, exclusive, or unspecified. Once specified as either inclusive or exclusive, it cannot be changed.","description_kind":"plain","optional":true},"tiers_mode":{"type":"string","description":"Defines if the tiering price should be graduated or volume based. In volume-based tiering, the maximum quantity within a period determines the per unit price, in graduated tiering pricing can successively change as the quantity grows.","description_kind":"plain","optional":true},"transfer_lookup_key":{"type":"bool","description":"If set to true, will atomically remove the lookup key from the existing price, and assign it to this price.","description_kind":"plain","optional":true},"type":{"type":"string","description":"One of one_time or recurring depending on whether the price is for a one-time purchase or a recurring (subscription) purchase","description_kind":"plain","computed":true},"unit_amount":{"type":"number","description":"A positive integer in cents (or -1 for a free price) representing how much to charge.","description_kind":"plain","optional":true},"unit_amount_decimal":{"type":"number","description":"Same as unit_amount, but accepts a decimal value in cents with at most 12 decimal places. Only one of unit_amount and unit_amount_decimal can be set","description_kind":"plain","optional":true}},"block_types":{"recurring":{"nesting_mode":"list","block":{"attributes":{"aggregate_usage":{"type":"string","description":"Specifies a usage aggregation strategy for prices of usage_type=metered. Allowed values are sum for summing up all usage during a period, last_during_period for using the last usage record reported within a period, last_ever for using the last usage record ever (across period bounds) or max which uses the usage record with the maximum reported usage during a period. ","description_kind":"plain","optional":true},"interval":{"type":"string","description":"Specifies billing frequency. Either day, week, month or year.","description_kind":"plain","required":true},"interval_count":{"type":"number","description":"The number of intervals between subscription billings. For example, interval=month and interval_count=3 bills every 3 months. Maximum of one year interval allowed (1 year, 12 months, or 52 weeks).","description_kind":"plain","optional":true},"usage_type":{"type":"string","description":"Configures how the quantity per period should be determined. Can be either metered or licensed. licensed automatically bills the quantity set when adding it to a subscription. metered aggregates the total usage based on usage records. Defaults to licensed.","description_kind":"plain","optional":true}},"description":"The recurring components of a price such as interval and usage_type.","description_kind":"plain"},"max_items":1},"tiers":{"nesting_mode":"list","block":{"attributes":{"flat_amount":{"type":"number","description":"The flat billing amount for an entire tier, regardless of the number of units in the tier.","description_kind":"plain","optional":true},"flat_amount_decimal":{"type":"number","description":"Same as flat_amount, but accepts a decimal value representing an integer in the minor units of the currency. Only one of flat_amount and flat_amount_decimal can be set.","description_kind":"plain","optional":true},"unit_amount":{"type":"number","description":"The per unit billing amount for each individual unit for which this tier applies.","description_kind":"plain","optional":true},"unit_amount_decimal":{"type":"number","description":"Same as unit_amount, but accepts a decimal value in cents with at most 12 decimal places. Only one of unit_amount and unit_amount_decimal can be set.","description_kind":"plain","optional":true},"up_to":{"type":"number","description":"Specifies the upper bound of this tier. The lower bound of a tier is the upper bound of the previous tier adding one. Use -1 to define a fallback tier.","description_kind":"plain","optional":true}},"description":"Each element represents a pricing tier. This parameter requires billing_scheme to be set to tiered. See also the documentation for billing_scheme.","description_kind":"plain"}},"transform_quantity":{"nesting_mode":"list","block":{"attributes":{"divide_by":{"type":"number","description":"Divide usage by this number.","description_kind":"plain","required":true},"round":{"type":"string","description":"After division, either round the result up or down","description_kind":"plain","required":true}},"description":"Apply a transformation to the reported usage or set quantity before computing the billed price. Cannot be combined with tiers","description_kind":"plain"},"max_items":1}},"description_kind":"plain"}},"stripe_product":{"version":0,"block":{"attributes":{"active":{"type":"bool","description":"Whether the product is currently available for purchase. Defaults to true.","description_kind":"plain","optional":true},"description":{"type":"string","description":"The product’s description, meant to be displayable to the customer. Use this field to optionally store a long form explanation of the product being sold for your own rendering purposes.","description_kind":"plain","optional":true},"id":{"type":"string","description":"Unique identifier for the object.","description_kind":"plain","computed":true},"images":{"type":["list","string"],"description":"A list of up to 8 URLs of images for this product, meant to be displayable to the customer.","description_kind":"plain","optional":true},"metadata":{"type":["map","string"],"description":"Set of key-value pairs that you can attach to an object. This can be useful for storing additional information about the object in a structured format.","description_kind":"plain","optional":true},"name":{"type":"string","description":"The product’s name, meant to be displayable to the customer. Whenever this product is sold via a subscription, name will show up on associated invoice line item descriptions.","description_kind":"plain","required":true},"package_dimensions":{"type":["map","number"],"description":"The dimensions of this product for shipping purposes.","description_kind":"plain","optional":true},"shippable":{"type":"bool","description":"Whether this product is shipped (i.e., physical goods).","description_kind":"plain","optional":true},"statement_descriptor":{"type":"string","description":"An arbitrary string to be displayed on your customer’s credit card or bank statement. While most banks display this information consistently, some may display it incorrectly or not at all. This may be up to 22 characters. The statement description may not include \u003c, \u003e, \\, \", ’ characters, and will appear on your customer’s statement in capital letters. Non-ASCII characters are automatically stripped. It must contain at least one letter.","description_kind":"plain","optional":true},"unit_label":{"type":"string","description":"A label that represents units of this product in Stripe and on customers’ receipts and invoices. When set, this will be included in associated invoice line item descriptions.","description_kind":"plain","optional":true},"url":{"type":"string","description":"A URL of a publicly-accessible webpage for this product.","description_kind":"plain","optional":true}},"description_kind":"plain"}},"stripe_promotion_code":{"version":0,"block":{"attributes":{"active":{"type":"bool","description":"Whether the promotion code is currently active.","description_kind":"plain","optional":true},"code":{"type":"string","description":"The customer-facing code. Regardless of case, this code must be unique across all active promotion codes for a specific customer. If left blank, we will generate one automatically.","description_kind":"plain","optional":true},"coupon":{"type":"string","description":"The coupon for this promotion code.","description_kind":"plain","required":true},"customer":{"type":"string","description":"The customer that this promotion code can be used by. If not set, the promotion code can be used by all customers.","description_kind":"plain","optional":true},"expires_at":{"type":"string","description":"The timestamp at which this promotion code will expire. If the coupon has specified a redeems_by, then this value cannot be after the coupon’s redeems_by. Expected format is RFC3339","description_kind":"plain","optional":true},"id":{"type":"string","description":"Unique identifier for the object.","description_kind":"plain","computed":true},"max_redemptions":{"type":"number","description":"A positive integer specifying the number of times the promotion code can be redeemed. If the coupon has specified a max_redemptions, then this value cannot be greater than the coupon’s max_redemptions.","description_kind":"plain","optional":true},"metadata":{"type":["map","string"],"description":"Set of key-value pairs that you can attach to an object. This can be useful for storing additional information about the object in a structured format.","description_kind":"plain","optional":true}},"block_types":{"restrictions":{"nesting_mode":"list","block":{"attributes":{"first_time_transaction":{"type":"bool","description":"A Boolean indicating if the Promotion Code should only be redeemed for Customers without any successful payments or invoices","description_kind":"plain","required":true},"minimum_amount":{"type":"number","description":"Minimum amount required to redeem this Promotion Code into a Coupon (e.g., a purchase must be $100 or more to work).","description_kind":"plain","required":true},"minimum_amount_currency":{"type":"string","description":"Three-letter ISO code for minimum_amount","description_kind":"plain","required":true}},"description":"Settings that restrict the redemption of the promotion code.","description_kind":"plain"},"max_items":1}},"description_kind":"plain"}},"stripe_webhook_endpoint":{"version":0,"block":{"attributes":{"description":{"type":"string","description":"An optional description of what the webhook is used for.","description_kind":"plain","optional":true},"disabled":{"type":"bool","description":"Disable the webhook endpoint if set to true.","description_kind":"plain","optional":true},"enabled_events":{"type":["list","string"],"description":"The list of events to enable for this endpoint. [’*’] indicates that all events are enabled, except those that require explicit selection.","description_kind":"plain","required":true},"id":{"type":"string","description":"Unique identifier for the object.","description_kind":"plain","computed":true},"metadata":{"type":["map","string"],"description":"Set of key-value pairs that you can attach to an object. This can be useful for storing additional information about the object in a structured format.","description_kind":"plain","optional":true},"secret":{"type":"string","description":"The endpoint’s secret, used to generate webhook signatures. Only returned at creation.","description_kind":"plain","computed":true,"sensitive":true},"url":{"type":"string","description":"The URL of the webhook endpoint.","description_kind":"plain","required":true}},"description_kind":"plain"}}}}}}
