{"format_version":"0.2","provider_schemas":{"registry.terraform.io/lukecarrier/command":{"provider":{"version":0,"block":{"description_kind":"plain"}},"resource_schemas":{"command_command":{"version":0,"block":{"attributes":{"arguments":{"type":["list","string"],"description_kind":"plain","optional":true},"id":{"type":"string","description_kind":"plain","optional":true,"computed":true},"name":{"type":"string","description_kind":"plain","required":true},"stderr":{"type":"string","description_kind":"plain","computed":true},"stdout":{"type":"string","description_kind":"plain","computed":true}},"description_kind":"plain"}}}}}}
