{"format_version":"0.2","provider_schemas":{"registry.terraform.io/lukekaalim/immutable-elastic-beanstalk":{"provider":{"version":0,"block":{"attributes":{"profile":{"type":"string","description_kind":"plain","optional":true},"region":{"type":"string","description_kind":"plain","optional":true}},"description_kind":"plain"}},"resource_schemas":{"immutable-elastic-beanstalk_application-version":{"version":1,"block":{"attributes":{"application_name":{"type":"string","description_kind":"plain","required":true},"application_version_arn":{"type":"string","description_kind":"plain","computed":true},"archive_path":{"type":"string","description_kind":"plain","required":true},"source_bucket":{"type":"string","description_kind":"plain","required":true},"source_key":{"type":"string","description_kind":"plain","computed":true},"version_label":{"type":"string","description_kind":"plain","computed":true}},"description_kind":"plain"}}}}}}
