{"format_version":"0.2","provider_schemas":{"registry.terraform.io/luma-planet/sshclient":{"provider":{"version":0,"block":{"description_kind":"plain"}},"resource_schemas":{"sshclient_run":{"version":0,"block":{"attributes":{"command":{"type":"string","description":"Command run on creations and updates. This should be idempotent so that it can be executed any amount of times. This will also be run for reverting deletion failures.","description_kind":"plain","optional":true},"command_base64":{"type":"string","description_kind":"plain","optional":true},"destroy_command":{"type":"string","description":"Command run on deletions. This should be idempotent so that it can be executed any amount of times. If it fails, command for creation will be run.","description_kind":"plain","optional":true},"destroy_command_base64":{"type":"string","description_kind":"plain","optional":true},"destroy_expect":{"type":"string","description":"Same as expect, but for destroy command.","description_kind":"plain","optional":true},"expect":{"type":"string","description":"The value that stdout is expected to be with trimming space characters. The output does not match, creations and updates will fail.","description_kind":"plain","optional":true},"host_json":{"type":"string","description_kind":"plain","required":true,"sensitive":true},"id":{"type":"string","description_kind":"plain","optional":true,"computed":true},"stderr":{"type":"string","description_kind":"plain","computed":true},"stderr_base64":{"type":"string","description_kind":"plain","computed":true},"stdout":{"type":"string","description_kind":"plain","computed":true},"stdout_base64":{"type":"string","description_kind":"plain","computed":true}},"block_types":{"timeouts":{"nesting_mode":"single","block":{"attributes":{"create":{"type":"string","description_kind":"plain","optional":true},"delete":{"type":"string","description_kind":"plain","optional":true},"update":{"type":"string","description_kind":"plain","optional":true}},"description_kind":"plain"}}},"description_kind":"plain"}},"sshclient_scp_put":{"version":0,"block":{"attributes":{"data":{"type":"string","description_kind":"plain","optional":true},"data_base64":{"type":"string","description_kind":"plain","optional":true},"host_json":{"type":"string","description_kind":"plain","required":true,"sensitive":true},"id":{"type":"string","description_kind":"plain","optional":true,"computed":true},"permissions":{"type":"string","description":"Permission information in ^[0-7][0-7][0-7]$ form that each block represents user, group and others access in order, and each bits in blocks represents read, write and execute permissions. This is compatible with the stat(1) command `stat -c %a`. For example, you can use 777 to grant all full access, or use can use 644 for restricted access.","description_kind":"plain","optional":true},"remote_path":{"type":"string","description":"Remote path to place the file. Take care to avoid including spaces or other special characters. These may be troublesome when being interpreted by remote shell.","description_kind":"plain","required":true}},"block_types":{"timeouts":{"nesting_mode":"single","block":{"attributes":{"create":{"type":"string","description_kind":"plain","optional":true},"update":{"type":"string","description_kind":"plain","optional":true}},"description_kind":"plain"}}},"description_kind":"plain"}}},"data_source_schemas":{"sshclient_host":{"version":0,"block":{"attributes":{"client_private_key_pem":{"type":"string","description":"Client private key in PEM format.","description_kind":"plain","optional":true,"sensitive":true},"extends_host_json":{"type":"string","description_kind":"plain","optional":true,"sensitive":true},"host_publickey_authorized_key":{"type":"string","description":"Host public key trusted in authorized_keys (sshd(8)) format.","description_kind":"plain","optional":true},"hostname":{"type":"string","description_kind":"plain","optional":true},"id":{"type":"string","description_kind":"plain","optional":true,"computed":true},"insecure_ignore_host_key":{"type":"bool","description":"Insecurely trust the host public key. This may potentially cause Man-In-The-Middle attack.","description_kind":"plain","optional":true},"json":{"type":"string","description_kind":"plain","computed":true},"password":{"type":"string","description_kind":"plain","optional":true,"sensitive":true},"port":{"type":"number","description":"If no port specified, 22 is used as default port.","description_kind":"plain","optional":true},"username":{"type":"string","description_kind":"plain","optional":true}},"description_kind":"plain"}},"sshclient_keyscan":{"version":0,"block":{"attributes":{"authorized_key":{"type":"string","description_kind":"plain","computed":true},"host_json":{"type":"string","description_kind":"plain","required":true,"sensitive":true},"id":{"type":"string","description_kind":"plain","optional":true,"computed":true}},"description_kind":"plain"}}}}}}
