{"format_version":"0.2","provider_schemas":{"registry.terraform.io/mabunixda/remotefile":{"provider":{"version":0,"block":{"description_kind":"plain"}},"resource_schemas":{"remotefile":{"version":0,"block":{"attributes":{"content":{"type":"string","description":"Content of file.","description_kind":"markdown","required":true},"id":{"type":"string","description_kind":"plain","optional":true,"computed":true},"path":{"type":"string","description":"Path to file on remote host.","description_kind":"markdown","required":true},"permissions":{"type":"string","description":"Permissions of file.","description_kind":"markdown","optional":true}},"block_types":{"conn":{"nesting_mode":"list","block":{"attributes":{"host":{"type":"string","description":"The target host.","description_kind":"markdown","required":true},"password":{"type":"string","description":"The pasword for the user on the target host.","description_kind":"markdown","optional":true,"sensitive":true},"port":{"type":"number","description":"The ssh port to the target host.","description_kind":"markdown","optional":true},"private_key":{"type":"string","description":"The private key used to login to the target host.","description_kind":"markdown","optional":true,"sensitive":true},"private_key_env_var":{"type":"string","description":"The env var of the private key used to login to the target host.","description_kind":"markdown","optional":true},"private_key_path":{"type":"string","description":"The path of the private key used to login to the target host.","description_kind":"markdown","optional":true},"sudo":{"type":"bool","description":"Use sudo to gain access to read/write file.","description_kind":"markdown","optional":true},"username":{"type":"string","description":"The username on the target host.","description_kind":"markdown","required":true}},"description":"Connection to host where files are located.","description_kind":"markdown"},"min_items":1}},"description":"File on remote host.","description_kind":"markdown"}}},"data_source_schemas":{"remotefile":{"version":0,"block":{"attributes":{"content":{"type":"string","description":"Content from remote file","description_kind":"markdown","computed":true},"id":{"type":"string","description_kind":"plain","optional":true,"computed":true},"path":{"type":"string","description":"Path to file on remote host.","description_kind":"markdown","required":true}},"block_types":{"conn":{"nesting_mode":"list","block":{"attributes":{"host":{"type":"string","description":"The target host.","description_kind":"markdown","required":true},"password":{"type":"string","description":"The pasword for the user on the target host.","description_kind":"markdown","optional":true,"sensitive":true},"port":{"type":"number","description":"The ssh port to the target host.","description_kind":"markdown","optional":true},"private_key":{"type":"string","description":"The private key used to login to the target host.","description_kind":"markdown","optional":true,"sensitive":true},"private_key_env_var":{"type":"string","description":"The env var of the private key used to login to the target host.","description_kind":"markdown","optional":true},"private_key_path":{"type":"string","description":"The path of the private key used to login to the target host.","description_kind":"markdown","optional":true},"sudo":{"type":"bool","description":"Use sudo to gain access to read file.","description_kind":"markdown","optional":true},"username":{"type":"string","description":"The username on the target host.","description_kind":"markdown","required":true}},"description":"Connection to host where files are located.","description_kind":"markdown"},"min_items":1}},"description":"File on remote host.","description_kind":"markdown"}}}}}}
