{"format_version":"0.2","provider_schemas":{"registry.terraform.io/mackerelio-labs/mackerel":{"provider":{"version":0,"block":{"attributes":{"api_base":{"type":"string","description":"Mackerel API BASE URL","description_kind":"plain","optional":true,"sensitive":true},"api_key":{"type":"string","description":"Mackerel API Key","description_kind":"plain","required":true,"sensitive":true}},"description_kind":"plain"}},"resource_schemas":{"mackerel_alert_group_setting":{"version":0,"block":{"attributes":{"id":{"type":"string","description_kind":"plain","optional":true,"computed":true},"memo":{"type":"string","description_kind":"plain","optional":true},"monitor_scopes":{"type":["set","string"],"description_kind":"plain","optional":true},"name":{"type":"string","description_kind":"plain","required":true},"notification_interval":{"type":"number","description_kind":"plain","optional":true},"role_scopes":{"type":["set","string"],"description_kind":"plain","optional":true},"service_scopes":{"type":["set","string"],"description_kind":"plain","optional":true}},"description_kind":"plain"}},"mackerel_aws_integration":{"version":0,"block":{"attributes":{"excluded_tags":{"type":"string","description_kind":"plain","optional":true},"external_id":{"type":"string","description_kind":"plain","optional":true,"sensitive":true},"id":{"type":"string","description_kind":"plain","optional":true,"computed":true},"included_tags":{"type":"string","description_kind":"plain","optional":true},"key":{"type":"string","description_kind":"plain","optional":true},"memo":{"type":"string","description_kind":"plain","optional":true},"name":{"type":"string","description_kind":"plain","required":true},"region":{"type":"string","description_kind":"plain","optional":true},"role_arn":{"type":"string","description_kind":"plain","optional":true},"secret_key":{"type":"string","description_kind":"plain","optional":true,"sensitive":true}},"block_types":{"alb":{"nesting_mode":"set","block":{"attributes":{"enable":{"type":"bool","description_kind":"plain","optional":true},"excluded_metrics":{"type":["list","string"],"description_kind":"plain","optional":true},"role":{"type":"string","description_kind":"plain","optional":true}},"description_kind":"plain"},"max_items":1},"api_gateway":{"nesting_mode":"set","block":{"attributes":{"enable":{"type":"bool","description_kind":"plain","optional":true},"excluded_metrics":{"type":["list","string"],"description_kind":"plain","optional":true},"role":{"type":"string","description_kind":"plain","optional":true}},"description_kind":"plain"},"max_items":1},"batch":{"nesting_mode":"set","block":{"attributes":{"enable":{"type":"bool","description_kind":"plain","optional":true},"excluded_metrics":{"type":["list","string"],"description_kind":"plain","optional":true},"role":{"type":"string","description_kind":"plain","optional":true}},"description_kind":"plain"},"max_items":1},"billing":{"nesting_mode":"set","block":{"attributes":{"enable":{"type":"bool","description_kind":"plain","optional":true},"excluded_metrics":{"type":["list","string"],"description_kind":"plain","optional":true},"role":{"type":"string","description_kind":"plain","optional":true}},"description_kind":"plain"},"max_items":1},"cloudfront":{"nesting_mode":"set","block":{"attributes":{"enable":{"type":"bool","description_kind":"plain","optional":true},"excluded_metrics":{"type":["list","string"],"description_kind":"plain","optional":true},"role":{"type":"string","description_kind":"plain","optional":true}},"description_kind":"plain"},"max_items":1},"dynamodb":{"nesting_mode":"set","block":{"attributes":{"enable":{"type":"bool","description_kind":"plain","optional":true},"excluded_metrics":{"type":["list","string"],"description_kind":"plain","optional":true},"role":{"type":"string","description_kind":"plain","optional":true}},"description_kind":"plain"},"max_items":1},"ec2":{"nesting_mode":"set","block":{"attributes":{"enable":{"type":"bool","description_kind":"plain","optional":true},"excluded_metrics":{"type":["list","string"],"description_kind":"plain","optional":true},"retire_automatically":{"type":"bool","description_kind":"plain","optional":true},"role":{"type":"string","description_kind":"plain","optional":true}},"description_kind":"plain"},"max_items":1},"ecs_cluster":{"nesting_mode":"set","block":{"attributes":{"enable":{"type":"bool","description_kind":"plain","optional":true},"excluded_metrics":{"type":["list","string"],"description_kind":"plain","optional":true},"role":{"type":"string","description_kind":"plain","optional":true}},"description_kind":"plain"},"max_items":1},"efs":{"nesting_mode":"set","block":{"attributes":{"enable":{"type":"bool","description_kind":"plain","optional":true},"excluded_metrics":{"type":["list","string"],"description_kind":"plain","optional":true},"role":{"type":"string","description_kind":"plain","optional":true}},"description_kind":"plain"},"max_items":1},"elasticache":{"nesting_mode":"set","block":{"attributes":{"enable":{"type":"bool","description_kind":"plain","optional":true},"excluded_metrics":{"type":["list","string"],"description_kind":"plain","optional":true},"role":{"type":"string","description_kind":"plain","optional":true}},"description_kind":"plain"},"max_items":1},"elb":{"nesting_mode":"set","block":{"attributes":{"enable":{"type":"bool","description_kind":"plain","optional":true},"excluded_metrics":{"type":["list","string"],"description_kind":"plain","optional":true},"role":{"type":"string","description_kind":"plain","optional":true}},"description_kind":"plain"},"max_items":1},"es":{"nesting_mode":"set","block":{"attributes":{"enable":{"type":"bool","description_kind":"plain","optional":true},"excluded_metrics":{"type":["list","string"],"description_kind":"plain","optional":true},"role":{"type":"string","description_kind":"plain","optional":true}},"description_kind":"plain"},"max_items":1},"firehose":{"nesting_mode":"set","block":{"attributes":{"enable":{"type":"bool","description_kind":"plain","optional":true},"excluded_metrics":{"type":["list","string"],"description_kind":"plain","optional":true},"role":{"type":"string","description_kind":"plain","optional":true}},"description_kind":"plain"},"max_items":1},"kinesis":{"nesting_mode":"set","block":{"attributes":{"enable":{"type":"bool","description_kind":"plain","optional":true},"excluded_metrics":{"type":["list","string"],"description_kind":"plain","optional":true},"role":{"type":"string","description_kind":"plain","optional":true}},"description_kind":"plain"},"max_items":1},"lambda":{"nesting_mode":"set","block":{"attributes":{"enable":{"type":"bool","description_kind":"plain","optional":true},"excluded_metrics":{"type":["list","string"],"description_kind":"plain","optional":true},"role":{"type":"string","description_kind":"plain","optional":true}},"description_kind":"plain"},"max_items":1},"nlb":{"nesting_mode":"set","block":{"attributes":{"enable":{"type":"bool","description_kind":"plain","optional":true},"excluded_metrics":{"type":["list","string"],"description_kind":"plain","optional":true},"role":{"type":"string","description_kind":"plain","optional":true}},"description_kind":"plain"},"max_items":1},"rds":{"nesting_mode":"set","block":{"attributes":{"enable":{"type":"bool","description_kind":"plain","optional":true},"excluded_metrics":{"type":["list","string"],"description_kind":"plain","optional":true},"role":{"type":"string","description_kind":"plain","optional":true}},"description_kind":"plain"},"max_items":1},"redshift":{"nesting_mode":"set","block":{"attributes":{"enable":{"type":"bool","description_kind":"plain","optional":true},"excluded_metrics":{"type":["list","string"],"description_kind":"plain","optional":true},"role":{"type":"string","description_kind":"plain","optional":true}},"description_kind":"plain"},"max_items":1},"s3":{"nesting_mode":"set","block":{"attributes":{"enable":{"type":"bool","description_kind":"plain","optional":true},"excluded_metrics":{"type":["list","string"],"description_kind":"plain","optional":true},"role":{"type":"string","description_kind":"plain","optional":true}},"description_kind":"plain"},"max_items":1},"ses":{"nesting_mode":"set","block":{"attributes":{"enable":{"type":"bool","description_kind":"plain","optional":true},"excluded_metrics":{"type":["list","string"],"description_kind":"plain","optional":true},"role":{"type":"string","description_kind":"plain","optional":true}},"description_kind":"plain"},"max_items":1},"sqs":{"nesting_mode":"set","block":{"attributes":{"enable":{"type":"bool","description_kind":"plain","optional":true},"excluded_metrics":{"type":["list","string"],"description_kind":"plain","optional":true},"role":{"type":"string","description_kind":"plain","optional":true}},"description_kind":"plain"},"max_items":1},"states":{"nesting_mode":"set","block":{"attributes":{"enable":{"type":"bool","description_kind":"plain","optional":true},"excluded_metrics":{"type":["list","string"],"description_kind":"plain","optional":true},"role":{"type":"string","description_kind":"plain","optional":true}},"description_kind":"plain"},"max_items":1},"waf":{"nesting_mode":"set","block":{"attributes":{"enable":{"type":"bool","description_kind":"plain","optional":true},"excluded_metrics":{"type":["list","string"],"description_kind":"plain","optional":true},"role":{"type":"string","description_kind":"plain","optional":true}},"description_kind":"plain"},"max_items":1}},"description_kind":"plain"}},"mackerel_channel":{"version":0,"block":{"attributes":{"id":{"type":"string","description_kind":"plain","optional":true,"computed":true},"name":{"type":"string","description_kind":"plain","required":true}},"block_types":{"email":{"nesting_mode":"list","block":{"attributes":{"emails":{"type":["set","string"],"description_kind":"plain","optional":true},"events":{"type":["set","string"],"description_kind":"plain","optional":true},"user_ids":{"type":["set","string"],"description_kind":"plain","optional":true}},"description_kind":"plain"}},"slack":{"nesting_mode":"list","block":{"attributes":{"enabled_graph_image":{"type":"bool","description_kind":"plain","optional":true},"events":{"type":["set","string"],"description_kind":"plain","optional":true},"mentions":{"type":["map","string"],"description_kind":"plain","optional":true},"url":{"type":"string","description_kind":"plain","required":true}},"description_kind":"plain"}},"webhook":{"nesting_mode":"list","block":{"attributes":{"events":{"type":["set","string"],"description_kind":"plain","optional":true},"url":{"type":"string","description_kind":"plain","required":true}},"description_kind":"plain"}}},"description_kind":"plain"}},"mackerel_downtime":{"version":0,"block":{"attributes":{"duration":{"type":"number","description_kind":"plain","required":true},"id":{"type":"string","description_kind":"plain","optional":true,"computed":true},"memo":{"type":"string","description_kind":"plain","optional":true},"monitor_exclude_scopes":{"type":["set","string"],"description_kind":"plain","optional":true},"monitor_scopes":{"type":["set","string"],"description_kind":"plain","optional":true},"name":{"type":"string","description_kind":"plain","required":true},"role_exclude_scopes":{"type":["set","string"],"description_kind":"plain","optional":true},"role_scopes":{"type":["set","string"],"description_kind":"plain","optional":true},"service_exclude_scopes":{"type":["set","string"],"description_kind":"plain","optional":true},"service_scopes":{"type":["set","string"],"description_kind":"plain","optional":true},"start":{"type":"number","description_kind":"plain","required":true}},"block_types":{"recurrence":{"nesting_mode":"list","block":{"attributes":{"interval":{"type":"number","description_kind":"plain","required":true},"type":{"type":"string","description_kind":"plain","required":true},"until":{"type":"number","description_kind":"plain","optional":true},"weekdays":{"type":["set","string"],"description_kind":"plain","optional":true}},"description_kind":"plain"},"max_items":1}},"description_kind":"plain"}},"mackerel_monitor":{"version":0,"block":{"attributes":{"id":{"type":"string","description_kind":"plain","optional":true,"computed":true},"is_mute":{"type":"bool","description_kind":"plain","optional":true},"memo":{"type":"string","description_kind":"plain","optional":true},"name":{"type":"string","description_kind":"plain","required":true},"notification_interval":{"type":"number","description_kind":"plain","optional":true}},"block_types":{"anomaly_detection":{"nesting_mode":"list","block":{"attributes":{"critical_sensitivity":{"type":"string","description_kind":"plain","optional":true},"max_check_attempts":{"type":"number","description_kind":"plain","optional":true},"scopes":{"type":["set","string"],"description_kind":"plain","required":true},"training_period_from":{"type":"number","description_kind":"plain","optional":true},"warning_sensitivity":{"type":"string","description_kind":"plain","optional":true}},"description_kind":"plain"},"max_items":1},"connectivity":{"nesting_mode":"list","block":{"attributes":{"exclude_scopes":{"type":["set","string"],"description_kind":"plain","optional":true},"scopes":{"type":["set","string"],"description_kind":"plain","optional":true}},"description_kind":"plain"},"max_items":1},"expression":{"nesting_mode":"list","block":{"attributes":{"critical":{"type":"number","description_kind":"plain","optional":true},"expression":{"type":"string","description_kind":"plain","required":true},"operator":{"type":"string","description_kind":"plain","required":true},"warning":{"type":"number","description_kind":"plain","optional":true}},"description_kind":"plain"},"max_items":1},"external":{"nesting_mode":"list","block":{"attributes":{"certification_expiration_critical":{"type":"number","description_kind":"plain","optional":true},"certification_expiration_warning":{"type":"number","description_kind":"plain","optional":true},"contains_string":{"type":"string","description_kind":"plain","optional":true},"follow_redirect":{"type":"bool","description_kind":"plain","optional":true},"headers":{"type":["map","string"],"description_kind":"plain","optional":true,"sensitive":true},"max_check_attempts":{"type":"number","description_kind":"plain","optional":true},"method":{"type":"string","description_kind":"plain","required":true},"request_body":{"type":"string","description_kind":"plain","optional":true},"response_time_critical":{"type":"number","description_kind":"plain","optional":true},"response_time_duration":{"type":"number","description_kind":"plain","optional":true},"response_time_warning":{"type":"number","description_kind":"plain","optional":true},"service":{"type":"string","description_kind":"plain","optional":true},"skip_certificate_verification":{"type":"bool","description_kind":"plain","optional":true},"url":{"type":"string","description_kind":"plain","required":true}},"description_kind":"plain"},"max_items":1},"host_metric":{"nesting_mode":"list","block":{"attributes":{"critical":{"type":"number","description_kind":"plain","optional":true},"duration":{"type":"number","description_kind":"plain","required":true},"exclude_scopes":{"type":["set","string"],"description_kind":"plain","optional":true},"max_check_attempts":{"type":"number","description_kind":"plain","optional":true},"metric":{"type":"string","description_kind":"plain","required":true},"operator":{"type":"string","description_kind":"plain","required":true},"scopes":{"type":["set","string"],"description_kind":"plain","optional":true},"warning":{"type":"number","description_kind":"plain","optional":true}},"description_kind":"plain"},"max_items":1},"service_metric":{"nesting_mode":"list","block":{"attributes":{"critical":{"type":"number","description_kind":"plain","optional":true},"duration":{"type":"number","description_kind":"plain","required":true},"max_check_attempts":{"type":"number","description_kind":"plain","optional":true},"metric":{"type":"string","description_kind":"plain","required":true},"missing_duration_critical":{"type":"number","description_kind":"plain","optional":true},"missing_duration_warning":{"type":"number","description_kind":"plain","optional":true},"operator":{"type":"string","description_kind":"plain","required":true},"service":{"type":"string","description_kind":"plain","required":true},"warning":{"type":"number","description_kind":"plain","optional":true}},"description_kind":"plain"},"max_items":1}},"description_kind":"plain"}},"mackerel_notification_group":{"version":0,"block":{"attributes":{"child_channel_ids":{"type":["set","string"],"description_kind":"plain","optional":true},"child_notification_group_ids":{"type":["set","string"],"description_kind":"plain","optional":true},"id":{"type":"string","description_kind":"plain","optional":true,"computed":true},"name":{"type":"string","description_kind":"plain","required":true},"notification_level":{"type":"string","description_kind":"plain","optional":true}},"block_types":{"monitor":{"nesting_mode":"set","block":{"attributes":{"id":{"type":"string","description_kind":"plain","required":true},"skip_default":{"type":"bool","description_kind":"plain","optional":true}},"description_kind":"plain"}},"service":{"nesting_mode":"set","block":{"attributes":{"name":{"type":"string","description_kind":"plain","required":true}},"description_kind":"plain"}}},"description_kind":"plain"}},"mackerel_role":{"version":0,"block":{"attributes":{"id":{"type":"string","description_kind":"plain","optional":true,"computed":true},"memo":{"type":"string","description_kind":"plain","optional":true},"name":{"type":"string","description_kind":"plain","required":true},"service":{"type":"string","description_kind":"plain","required":true}},"description_kind":"plain"}},"mackerel_role_metadata":{"version":0,"block":{"attributes":{"id":{"type":"string","description_kind":"plain","optional":true,"computed":true},"metadata_json":{"type":"string","description_kind":"plain","required":true},"namespace":{"type":"string","description_kind":"plain","required":true},"role":{"type":"string","description_kind":"plain","required":true},"service":{"type":"string","description_kind":"plain","required":true}},"description_kind":"plain"}},"mackerel_service":{"version":0,"block":{"attributes":{"id":{"type":"string","description_kind":"plain","optional":true,"computed":true},"memo":{"type":"string","description_kind":"plain","optional":true},"name":{"type":"string","description_kind":"plain","required":true}},"description_kind":"plain"}},"mackerel_service_metadata":{"version":0,"block":{"attributes":{"id":{"type":"string","description_kind":"plain","optional":true,"computed":true},"metadata_json":{"type":"string","description_kind":"plain","required":true},"namespace":{"type":"string","description_kind":"plain","required":true},"service":{"type":"string","description_kind":"plain","required":true}},"description_kind":"plain"}}},"data_source_schemas":{"mackerel_alert_group_setting":{"version":0,"block":{"attributes":{"id":{"type":"string","description_kind":"plain","required":true},"memo":{"type":"string","description_kind":"plain","computed":true},"monitor_scopes":{"type":["set","string"],"description_kind":"plain","computed":true},"name":{"type":"string","description_kind":"plain","computed":true},"notification_interval":{"type":"number","description_kind":"plain","computed":true},"role_scopes":{"type":["set","string"],"description_kind":"plain","computed":true},"service_scopes":{"type":["set","string"],"description_kind":"plain","computed":true}},"description_kind":"plain"}},"mackerel_aws_integration":{"version":0,"block":{"attributes":{"alb":{"type":["set",["object",{"enable":"bool","excluded_metrics":["list","string"],"role":"string"}]],"description_kind":"plain","computed":true},"api_gateway":{"type":["set",["object",{"enable":"bool","excluded_metrics":["list","string"],"role":"string"}]],"description_kind":"plain","computed":true},"batch":{"type":["set",["object",{"enable":"bool","excluded_metrics":["list","string"],"role":"string"}]],"description_kind":"plain","computed":true},"billing":{"type":["set",["object",{"enable":"bool","excluded_metrics":["list","string"],"role":"string"}]],"description_kind":"plain","computed":true},"cloudfront":{"type":["set",["object",{"enable":"bool","excluded_metrics":["list","string"],"role":"string"}]],"description_kind":"plain","computed":true},"dynamodb":{"type":["set",["object",{"enable":"bool","excluded_metrics":["list","string"],"role":"string"}]],"description_kind":"plain","computed":true},"ec2":{"type":["set",["object",{"enable":"bool","excluded_metrics":["list","string"],"retire_automatically":"bool","role":"string"}]],"description_kind":"plain","computed":true},"ecs_cluster":{"type":["set",["object",{"enable":"bool","excluded_metrics":["list","string"],"role":"string"}]],"description_kind":"plain","computed":true},"efs":{"type":["set",["object",{"enable":"bool","excluded_metrics":["list","string"],"role":"string"}]],"description_kind":"plain","computed":true},"elasticache":{"type":["set",["object",{"enable":"bool","excluded_metrics":["list","string"],"role":"string"}]],"description_kind":"plain","computed":true},"elb":{"type":["set",["object",{"enable":"bool","excluded_metrics":["list","string"],"role":"string"}]],"description_kind":"plain","computed":true},"es":{"type":["set",["object",{"enable":"bool","excluded_metrics":["list","string"],"role":"string"}]],"description_kind":"plain","computed":true},"excluded_tags":{"type":"string","description_kind":"plain","computed":true},"external_id":{"type":"string","description_kind":"plain","computed":true,"sensitive":true},"firehose":{"type":["set",["object",{"enable":"bool","excluded_metrics":["list","string"],"role":"string"}]],"description_kind":"plain","computed":true},"id":{"type":"string","description_kind":"plain","required":true},"included_tags":{"type":"string","description_kind":"plain","computed":true},"key":{"type":"string","description_kind":"plain","computed":true},"kinesis":{"type":["set",["object",{"enable":"bool","excluded_metrics":["list","string"],"role":"string"}]],"description_kind":"plain","computed":true},"lambda":{"type":["set",["object",{"enable":"bool","excluded_metrics":["list","string"],"role":"string"}]],"description_kind":"plain","computed":true},"memo":{"type":"string","description_kind":"plain","computed":true},"name":{"type":"string","description_kind":"plain","computed":true},"nlb":{"type":["set",["object",{"enable":"bool","excluded_metrics":["list","string"],"role":"string"}]],"description_kind":"plain","computed":true},"rds":{"type":["set",["object",{"enable":"bool","excluded_metrics":["list","string"],"role":"string"}]],"description_kind":"plain","computed":true},"redshift":{"type":["set",["object",{"enable":"bool","excluded_metrics":["list","string"],"role":"string"}]],"description_kind":"plain","computed":true},"region":{"type":"string","description_kind":"plain","computed":true},"role_arn":{"type":"string","description_kind":"plain","computed":true},"s3":{"type":["set",["object",{"enable":"bool","excluded_metrics":["list","string"],"role":"string"}]],"description_kind":"plain","computed":true},"ses":{"type":["set",["object",{"enable":"bool","excluded_metrics":["list","string"],"role":"string"}]],"description_kind":"plain","computed":true},"sqs":{"type":["set",["object",{"enable":"bool","excluded_metrics":["list","string"],"role":"string"}]],"description_kind":"plain","computed":true},"states":{"type":["set",["object",{"enable":"bool","excluded_metrics":["list","string"],"role":"string"}]],"description_kind":"plain","computed":true},"waf":{"type":["set",["object",{"enable":"bool","excluded_metrics":["list","string"],"role":"string"}]],"description_kind":"plain","computed":true}},"description_kind":"plain"}},"mackerel_channel":{"version":0,"block":{"attributes":{"email":{"type":["list",["object",{"emails":["set","string"],"events":["set","string"],"user_ids":["set","string"]}]],"description_kind":"plain","computed":true},"id":{"type":"string","description_kind":"plain","required":true},"name":{"type":"string","description_kind":"plain","computed":true},"slack":{"type":["list",["object",{"enabled_graph_image":"bool","events":["set","string"],"mentions":["map","string"],"url":"string"}]],"description_kind":"plain","computed":true},"webhook":{"type":["list",["object",{"events":["set","string"],"url":"string"}]],"description_kind":"plain","computed":true}},"description_kind":"plain"}},"mackerel_downtime":{"version":0,"block":{"attributes":{"duration":{"type":"number","description_kind":"plain","computed":true},"id":{"type":"string","description_kind":"plain","required":true},"memo":{"type":"string","description_kind":"plain","computed":true},"monitor_exclude_scopes":{"type":["set","string"],"description_kind":"plain","computed":true},"monitor_scopes":{"type":["set","string"],"description_kind":"plain","computed":true},"name":{"type":"string","description_kind":"plain","computed":true},"recurrence":{"type":["list",["object",{"interval":"number","type":"string","until":"number","weekdays":["set","string"]}]],"description_kind":"plain","computed":true},"role_exclude_scopes":{"type":["set","string"],"description_kind":"plain","computed":true},"role_scopes":{"type":["set","string"],"description_kind":"plain","computed":true},"service_exclude_scopes":{"type":["set","string"],"description_kind":"plain","computed":true},"service_scopes":{"type":["set","string"],"description_kind":"plain","computed":true},"start":{"type":"number","description_kind":"plain","computed":true}},"description_kind":"plain"}},"mackerel_monitor":{"version":0,"block":{"attributes":{"anomaly_detection":{"type":["list",["object",{"critical_sensitivity":"string","max_check_attempts":"number","scopes":["set","string"],"training_period_from":"number","warning_sensitivity":"string"}]],"description_kind":"plain","computed":true},"connectivity":{"type":["list",["object",{"exclude_scopes":["set","string"],"scopes":["set","string"]}]],"description_kind":"plain","computed":true},"expression":{"type":["list",["object",{"critical":"number","expression":"string","operator":"string","warning":"number"}]],"description_kind":"plain","computed":true},"external":{"type":["list",["object",{"certification_expiration_critical":"number","certification_expiration_warning":"number","contains_string":"string","follow_redirect":"bool","headers":["map","string"],"max_check_attempts":"number","method":"string","request_body":"string","response_time_critical":"number","response_time_duration":"number","response_time_warning":"number","service":"string","skip_certificate_verification":"bool","url":"string"}]],"description_kind":"plain","computed":true},"host_metric":{"type":["list",["object",{"critical":"number","duration":"number","exclude_scopes":["set","string"],"max_check_attempts":"number","metric":"string","operator":"string","scopes":["set","string"],"warning":"number"}]],"description_kind":"plain","computed":true},"id":{"type":"string","description_kind":"plain","required":true},"is_mute":{"type":"bool","description_kind":"plain","computed":true},"memo":{"type":"string","description_kind":"plain","computed":true},"name":{"type":"string","description_kind":"plain","computed":true},"notification_interval":{"type":"number","description_kind":"plain","computed":true},"service_metric":{"type":["list",["object",{"critical":"number","duration":"number","max_check_attempts":"number","metric":"string","missing_duration_critical":"number","missing_duration_warning":"number","operator":"string","service":"string","warning":"number"}]],"description_kind":"plain","computed":true}},"description_kind":"plain"}},"mackerel_notification_group":{"version":0,"block":{"attributes":{"child_channel_ids":{"type":["set","string"],"description_kind":"plain","computed":true},"child_notification_group_ids":{"type":["set","string"],"description_kind":"plain","computed":true},"id":{"type":"string","description_kind":"plain","required":true},"monitor":{"type":["set",["object",{"id":"string","skip_default":"bool"}]],"description_kind":"plain","computed":true},"name":{"type":"string","description_kind":"plain","computed":true},"notification_level":{"type":"string","description_kind":"plain","computed":true},"service":{"type":["set",["object",{"name":"string"}]],"description_kind":"plain","computed":true}},"description_kind":"plain"}},"mackerel_role":{"version":0,"block":{"attributes":{"id":{"type":"string","description_kind":"plain","optional":true,"computed":true},"memo":{"type":"string","description_kind":"plain","computed":true},"name":{"type":"string","description_kind":"plain","required":true},"service":{"type":"string","description_kind":"plain","required":true}},"description_kind":"plain"}},"mackerel_role_metadata":{"version":0,"block":{"attributes":{"id":{"type":"string","description_kind":"plain","optional":true,"computed":true},"metadata_json":{"type":"string","description_kind":"plain","computed":true},"namespace":{"type":"string","description_kind":"plain","required":true},"role":{"type":"string","description_kind":"plain","required":true},"service":{"type":"string","description_kind":"plain","required":true}},"description_kind":"plain"}},"mackerel_service":{"version":0,"block":{"attributes":{"id":{"type":"string","description_kind":"plain","optional":true,"computed":true},"memo":{"type":"string","description_kind":"plain","computed":true},"name":{"type":"string","description_kind":"plain","required":true}},"description_kind":"plain"}},"mackerel_service_metadata":{"version":0,"block":{"attributes":{"id":{"type":"string","description_kind":"plain","optional":true,"computed":true},"metadata_json":{"type":"string","description_kind":"plain","computed":true},"namespace":{"type":"string","description_kind":"plain","required":true},"service":{"type":"string","description_kind":"plain","required":true}},"description_kind":"plain"}}}}}}
