{"format_version":"0.2","provider_schemas":{"registry.terraform.io/magodo/outlook":{"provider":{"version":0,"block":{"attributes":{"auth_method":{"type":"string","description":"The oauth2 authentication method to use.","description_kind":"plain","optional":true},"client_id":{"type":"string","description":"The AzureAD registered application's Object ID (i.e. oauth2 client_id)","description_kind":"plain","optional":true},"client_redirect_url":{"type":"string","description":"The AzureAD registered application's redirect URL","description_kind":"plain","optional":true},"client_secret":{"type":"string","description":"The AzureAD registered application's secret (i.e. oauth2 client_secret). For native public application, you can leave it unset.","description_kind":"plain","optional":true},"token_cache_path":{"type":"string","description":"Token cache file path that the provider will export the token info into this file for reuse. Accordingly, the provider will try to load the token from this file if file exists.","description_kind":"plain","optional":true}},"block_types":{"feature":{"nesting_mode":"list","block":{"description":"Provider level features","description_kind":"plain"},"max_items":1}},"description_kind":"plain"}},"resource_schemas":{"outlook_category":{"version":0,"block":{"attributes":{"color":{"type":"string","description_kind":"plain","optional":true},"id":{"type":"string","description_kind":"plain","optional":true,"computed":true},"name":{"type":"string","description_kind":"plain","required":true}},"block_types":{"timeouts":{"nesting_mode":"single","block":{"attributes":{"create":{"type":"string","description_kind":"plain","optional":true},"delete":{"type":"string","description_kind":"plain","optional":true},"read":{"type":"string","description_kind":"plain","optional":true},"update":{"type":"string","description_kind":"plain","optional":true}},"description_kind":"plain"}}},"description_kind":"plain"}},"outlook_mail_folder":{"version":0,"block":{"attributes":{"id":{"type":"string","description_kind":"plain","optional":true,"computed":true},"name":{"type":"string","description_kind":"plain","required":true},"parent_folder_id":{"type":"string","description_kind":"plain","optional":true,"computed":true}},"block_types":{"timeouts":{"nesting_mode":"single","block":{"attributes":{"create":{"type":"string","description_kind":"plain","optional":true},"delete":{"type":"string","description_kind":"plain","optional":true},"read":{"type":"string","description_kind":"plain","optional":true},"update":{"type":"string","description_kind":"plain","optional":true}},"description_kind":"plain"}}},"description_kind":"plain"}},"outlook_message_rule":{"version":0,"block":{"attributes":{"enabled":{"type":"bool","description_kind":"plain","optional":true},"id":{"type":"string","description_kind":"plain","optional":true,"computed":true},"name":{"type":"string","description_kind":"plain","required":true},"sequence":{"type":"number","description_kind":"plain","optional":true,"computed":true}},"block_types":{"action":{"nesting_mode":"list","block":{"attributes":{"assign_categories":{"type":["set","string"],"description_kind":"plain","optional":true},"copy_to_folder":{"type":"string","description_kind":"plain","optional":true},"delete":{"type":"bool","description_kind":"plain","optional":true},"forward_as_attachment_to":{"type":["set","string"],"description_kind":"plain","optional":true},"forward_to":{"type":["set","string"],"description_kind":"plain","optional":true},"mark_as_read":{"type":"bool","description_kind":"plain","optional":true},"mark_importance":{"type":"string","description_kind":"plain","optional":true},"move_to_folder":{"type":"string","description_kind":"plain","optional":true},"permanent_delete":{"type":"bool","description_kind":"plain","optional":true},"redirect_to":{"type":["set","string"],"description_kind":"plain","optional":true},"stop_processing_rules":{"type":"bool","description_kind":"plain","optional":true}},"description_kind":"plain"},"min_items":1,"max_items":1},"condition":{"nesting_mode":"list","block":{"attributes":{"body_contains":{"type":["set","string"],"description_kind":"plain","optional":true},"body_or_subject_contains":{"type":["set","string"],"description_kind":"plain","optional":true},"categories":{"type":["set","string"],"description_kind":"plain","optional":true},"from_addresses":{"type":["set","string"],"description_kind":"plain","optional":true},"has_attachments":{"type":"bool","description_kind":"plain","optional":true},"header_contains":{"type":["set","string"],"description_kind":"plain","optional":true},"importance":{"type":"string","description_kind":"plain","optional":true},"is_approval_request":{"type":"bool","description_kind":"plain","optional":true},"is_automatic_forward":{"type":"bool","description_kind":"plain","optional":true},"is_automatic_reply":{"type":"bool","description_kind":"plain","optional":true},"is_encrypted":{"type":"bool","description_kind":"plain","optional":true},"is_meeting_request":{"type":"bool","description_kind":"plain","optional":true},"is_meeting_response":{"type":"bool","description_kind":"plain","optional":true},"is_non_delivery_report":{"type":"bool","description_kind":"plain","optional":true},"is_permission_controlled":{"type":"bool","description_kind":"plain","optional":true},"is_read_receipt":{"type":"bool","description_kind":"plain","optional":true},"is_signed":{"type":"bool","description_kind":"plain","optional":true},"is_voicemail":{"type":"bool","description_kind":"plain","optional":true},"message_action_flag":{"type":"string","description_kind":"plain","optional":true},"not_sent_to_me":{"type":"bool","description_kind":"plain","optional":true},"recipient_contains":{"type":["set","string"],"description_kind":"plain","optional":true},"sender_contains":{"type":["set","string"],"description_kind":"plain","optional":true},"sensitivity":{"type":"string","description_kind":"plain","optional":true},"sent_cc_me":{"type":"bool","description_kind":"plain","optional":true},"sent_only_to_me":{"type":"bool","description_kind":"plain","optional":true},"sent_to_addresses":{"type":["set","string"],"description_kind":"plain","optional":true},"sent_to_me":{"type":"bool","description_kind":"plain","optional":true},"sent_to_or_cc_me":{"type":"bool","description_kind":"plain","optional":true},"subject_contains":{"type":["set","string"],"description_kind":"plain","optional":true}},"block_types":{"within_size_range":{"nesting_mode":"list","block":{"attributes":{"max_size":{"type":"number","description_kind":"plain","required":true},"min_size":{"type":"number","description_kind":"plain","required":true}},"description_kind":"plain"},"max_items":1}},"description_kind":"plain"},"max_items":1},"exception":{"nesting_mode":"list","block":{"attributes":{"body_contains":{"type":["set","string"],"description_kind":"plain","optional":true},"body_or_subject_contains":{"type":["set","string"],"description_kind":"plain","optional":true},"categories":{"type":["set","string"],"description_kind":"plain","optional":true},"from_addresses":{"type":["set","string"],"description_kind":"plain","optional":true},"has_attachments":{"type":"bool","description_kind":"plain","optional":true},"header_contains":{"type":["set","string"],"description_kind":"plain","optional":true},"importance":{"type":"string","description_kind":"plain","optional":true},"is_approval_request":{"type":"bool","description_kind":"plain","optional":true},"is_automatic_forward":{"type":"bool","description_kind":"plain","optional":true},"is_automatic_reply":{"type":"bool","description_kind":"plain","optional":true},"is_encrypted":{"type":"bool","description_kind":"plain","optional":true},"is_meeting_request":{"type":"bool","description_kind":"plain","optional":true},"is_meeting_response":{"type":"bool","description_kind":"plain","optional":true},"is_non_delivery_report":{"type":"bool","description_kind":"plain","optional":true},"is_permission_controlled":{"type":"bool","description_kind":"plain","optional":true},"is_read_receipt":{"type":"bool","description_kind":"plain","optional":true},"is_signed":{"type":"bool","description_kind":"plain","optional":true},"is_voicemail":{"type":"bool","description_kind":"plain","optional":true},"message_action_flag":{"type":"string","description_kind":"plain","optional":true},"not_sent_to_me":{"type":"bool","description_kind":"plain","optional":true},"recipient_contains":{"type":["set","string"],"description_kind":"plain","optional":true},"sender_contains":{"type":["set","string"],"description_kind":"plain","optional":true},"sensitivity":{"type":"string","description_kind":"plain","optional":true},"sent_cc_me":{"type":"bool","description_kind":"plain","optional":true},"sent_only_to_me":{"type":"bool","description_kind":"plain","optional":true},"sent_to_addresses":{"type":["set","string"],"description_kind":"plain","optional":true},"sent_to_me":{"type":"bool","description_kind":"plain","optional":true},"sent_to_or_cc_me":{"type":"bool","description_kind":"plain","optional":true},"subject_contains":{"type":["set","string"],"description_kind":"plain","optional":true}},"block_types":{"within_size_range":{"nesting_mode":"list","block":{"attributes":{"max_size":{"type":"number","description_kind":"plain","required":true},"min_size":{"type":"number","description_kind":"plain","required":true}},"description_kind":"plain"},"max_items":1}},"description_kind":"plain"},"max_items":1},"timeouts":{"nesting_mode":"single","block":{"attributes":{"create":{"type":"string","description_kind":"plain","optional":true},"delete":{"type":"string","description_kind":"plain","optional":true},"read":{"type":"string","description_kind":"plain","optional":true},"update":{"type":"string","description_kind":"plain","optional":true}},"description_kind":"plain"}}},"description_kind":"plain"}}},"data_source_schemas":{"outlook_category":{"version":0,"block":{"attributes":{"color":{"type":"string","description_kind":"plain","computed":true},"id":{"type":"string","description_kind":"plain","optional":true,"computed":true},"name":{"type":"string","description_kind":"plain","required":true}},"block_types":{"timeouts":{"nesting_mode":"single","block":{"attributes":{"read":{"type":"string","description_kind":"plain","optional":true}},"description_kind":"plain"}}},"description_kind":"plain"}},"outlook_mail_folder":{"version":0,"block":{"attributes":{"id":{"type":"string","description_kind":"plain","optional":true,"computed":true},"name":{"type":"string","description_kind":"plain","optional":true},"parent_folder_id":{"type":"string","description_kind":"plain","optional":true},"well_known_name":{"type":"string","description_kind":"plain","optional":true}},"block_types":{"timeouts":{"nesting_mode":"single","block":{"attributes":{"read":{"type":"string","description_kind":"plain","optional":true}},"description_kind":"plain"}}},"description_kind":"plain"}}}}}}
