{"format_version":"0.2","provider_schemas":{"registry.terraform.io/mailrucloudsolutions/mcs":{"provider":{"version":0,"block":{"attributes":{"auth_url":{"type":"string","description":"The Identity authentication URL.","description_kind":"plain","optional":true},"cacert_file":{"type":"string","description":"A Custom CA certificate.","description_kind":"plain","optional":true},"cert":{"type":"string","description":"A client certificate to authenticate with.","description_kind":"plain","optional":true},"insecure":{"type":"bool","description":"Trust self-signed certificates.","description_kind":"plain","optional":true},"key":{"type":"string","description":"A client private key to authenticate with.","description_kind":"plain","optional":true},"password":{"type":"string","description":"Password to login with.","description_kind":"plain","optional":true,"sensitive":true},"project_id":{"type":"string","description":"The ID of Project to login with.","description_kind":"plain","optional":true},"region":{"type":"string","description":"A region to use.","description_kind":"plain","optional":true},"username":{"type":"string","description":"User name to login with.","description_kind":"plain","optional":true}},"description_kind":"plain"}},"resource_schemas":{"mcs_db_cluster":{"version":0,"block":{"attributes":{"availability_zone":{"type":"string","description_kind":"plain","optional":true},"cluster_size":{"type":"number","description_kind":"plain","required":true},"configuration_id":{"type":"string","description_kind":"plain","optional":true},"flavor_id":{"type":"string","description_kind":"plain","required":true},"floating_ip_enabled":{"type":"bool","description_kind":"plain","optional":true},"id":{"type":"string","description_kind":"plain","optional":true,"computed":true},"keypair":{"type":"string","description_kind":"plain","optional":true},"name":{"type":"string","description_kind":"plain","required":true},"region":{"type":"string","description_kind":"plain","optional":true,"computed":true},"root_enabled":{"type":"bool","description_kind":"plain","optional":true},"root_password":{"type":"string","description_kind":"plain","optional":true,"computed":true,"sensitive":true},"volume_size":{"type":"number","description_kind":"plain","required":true},"volume_type":{"type":"string","description_kind":"plain","required":true}},"block_types":{"capabilities":{"nesting_mode":"list","block":{"attributes":{"name":{"type":"string","description_kind":"plain","required":true},"settings":{"type":["map","string"],"description_kind":"plain","optional":true}},"description_kind":"plain"}},"datastore":{"nesting_mode":"list","block":{"attributes":{"type":{"type":"string","description_kind":"plain","required":true},"version":{"type":"string","description_kind":"plain","required":true}},"description_kind":"plain"},"min_items":1,"max_items":1},"disk_autoexpand":{"nesting_mode":"list","block":{"attributes":{"autoexpand":{"type":"bool","description_kind":"plain","optional":true},"max_disk_size":{"type":"number","description_kind":"plain","optional":true}},"description_kind":"plain"},"max_items":1},"network":{"nesting_mode":"list","block":{"attributes":{"fixed_ip_v4":{"type":"string","description_kind":"plain","optional":true},"port":{"type":"string","description_kind":"plain","optional":true},"uuid":{"type":"string","description_kind":"plain","optional":true}},"description_kind":"plain"}},"timeouts":{"nesting_mode":"single","block":{"attributes":{"create":{"type":"string","description_kind":"plain","optional":true},"delete":{"type":"string","description_kind":"plain","optional":true}},"description_kind":"plain"}},"wal_volume":{"nesting_mode":"list","block":{"attributes":{"autoexpand":{"type":"bool","description_kind":"plain","optional":true},"max_disk_size":{"type":"number","description_kind":"plain","optional":true},"size":{"type":"number","description_kind":"plain","required":true},"volume_type":{"type":"string","description_kind":"plain","required":true}},"description_kind":"plain"}}},"description_kind":"plain"}},"mcs_db_cluster_with_shards":{"version":0,"block":{"attributes":{"configuration_id":{"type":"string","description_kind":"plain","optional":true},"floating_ip_enabled":{"type":"bool","description_kind":"plain","optional":true},"id":{"type":"string","description_kind":"plain","optional":true,"computed":true},"keypair":{"type":"string","description_kind":"plain","optional":true},"name":{"type":"string","description_kind":"plain","required":true},"region":{"type":"string","description_kind":"plain","optional":true,"computed":true},"root_enabled":{"type":"bool","description_kind":"plain","optional":true},"root_password":{"type":"string","description_kind":"plain","optional":true,"computed":true,"sensitive":true}},"block_types":{"capabilities":{"nesting_mode":"list","block":{"attributes":{"name":{"type":"string","description_kind":"plain","required":true},"settings":{"type":["map","string"],"description_kind":"plain","optional":true}},"description_kind":"plain"}},"datastore":{"nesting_mode":"list","block":{"attributes":{"type":{"type":"string","description_kind":"plain","required":true},"version":{"type":"string","description_kind":"plain","required":true}},"description_kind":"plain"},"min_items":1,"max_items":1},"shard":{"nesting_mode":"list","block":{"attributes":{"availability_zone":{"type":"string","description_kind":"plain","optional":true},"flavor_id":{"type":"string","description_kind":"plain","required":true},"shard_id":{"type":"string","description_kind":"plain","required":true},"size":{"type":"number","description_kind":"plain","required":true},"volume_size":{"type":"number","description_kind":"plain","required":true},"volume_type":{"type":"string","description_kind":"plain","required":true}},"block_types":{"network":{"nesting_mode":"list","block":{"attributes":{"fixed_ip_v4":{"type":"string","description_kind":"plain","optional":true},"port":{"type":"string","description_kind":"plain","optional":true},"uuid":{"type":"string","description_kind":"plain","optional":true}},"description_kind":"plain"}},"wal_volume":{"nesting_mode":"list","block":{"attributes":{"autoexpand":{"type":"bool","description_kind":"plain","optional":true},"max_disk_size":{"type":"number","description_kind":"plain","optional":true},"size":{"type":"number","description_kind":"plain","required":true},"volume_type":{"type":"string","description_kind":"plain","required":true}},"description_kind":"plain"}}},"description_kind":"plain"},"min_items":1},"timeouts":{"nesting_mode":"single","block":{"attributes":{"create":{"type":"string","description_kind":"plain","optional":true},"delete":{"type":"string","description_kind":"plain","optional":true}},"description_kind":"plain"}}},"description_kind":"plain"}},"mcs_db_database":{"version":0,"block":{"attributes":{"charset":{"type":"string","description_kind":"plain","optional":true},"collate":{"type":"string","description_kind":"plain","optional":true},"dbms_id":{"type":"string","description_kind":"plain","optional":true},"dbms_type":{"type":"string","description_kind":"plain","computed":true},"id":{"type":"string","description_kind":"plain","optional":true,"computed":true},"instance_id":{"type":"string","description_kind":"plain","deprecated":true,"optional":true},"name":{"type":"string","description_kind":"plain","required":true}},"block_types":{"timeouts":{"nesting_mode":"single","block":{"attributes":{"create":{"type":"string","description_kind":"plain","optional":true},"delete":{"type":"string","description_kind":"plain","optional":true}},"description_kind":"plain"}}},"description_kind":"plain"}},"mcs_db_instance":{"version":0,"block":{"attributes":{"availability_zone":{"type":"string","description_kind":"plain","optional":true},"configuration_id":{"type":"string","description_kind":"plain","optional":true},"flavor_id":{"type":"string","description_kind":"plain","required":true},"floating_ip_enabled":{"type":"bool","description_kind":"plain","optional":true},"id":{"type":"string","description_kind":"plain","optional":true,"computed":true},"keypair":{"type":"string","description_kind":"plain","optional":true},"name":{"type":"string","description_kind":"plain","required":true},"region":{"type":"string","description_kind":"plain","optional":true,"computed":true},"replica_of":{"type":"string","description_kind":"plain","optional":true},"root_enabled":{"type":"bool","description_kind":"plain","optional":true},"root_password":{"type":"string","description_kind":"plain","optional":true,"computed":true,"sensitive":true},"size":{"type":"number","description_kind":"plain","required":true},"volume_type":{"type":"string","description_kind":"plain","required":true}},"block_types":{"capabilities":{"nesting_mode":"list","block":{"attributes":{"name":{"type":"string","description_kind":"plain","required":true},"settings":{"type":["map","string"],"description_kind":"plain","optional":true}},"description_kind":"plain"}},"datastore":{"nesting_mode":"list","block":{"attributes":{"type":{"type":"string","description_kind":"plain","required":true},"version":{"type":"string","description_kind":"plain","required":true}},"description_kind":"plain"},"min_items":1,"max_items":1},"disk_autoexpand":{"nesting_mode":"list","block":{"attributes":{"autoexpand":{"type":"bool","description_kind":"plain","optional":true},"max_disk_size":{"type":"number","description_kind":"plain","optional":true}},"description_kind":"plain"},"max_items":1},"network":{"nesting_mode":"list","block":{"attributes":{"fixed_ip_v4":{"type":"string","description_kind":"plain","optional":true},"port":{"type":"string","description_kind":"plain","optional":true},"uuid":{"type":"string","description_kind":"plain","optional":true}},"description_kind":"plain"}},"timeouts":{"nesting_mode":"single","block":{"attributes":{"create":{"type":"string","description_kind":"plain","optional":true},"delete":{"type":"string","description_kind":"plain","optional":true}},"description_kind":"plain"}},"wal_volume":{"nesting_mode":"list","block":{"attributes":{"autoexpand":{"type":"bool","description_kind":"plain","optional":true},"max_disk_size":{"type":"number","description_kind":"plain","optional":true},"size":{"type":"number","description_kind":"plain","required":true},"volume_type":{"type":"string","description_kind":"plain","required":true}},"description_kind":"plain"}}},"description_kind":"plain"}},"mcs_db_user":{"version":0,"block":{"attributes":{"databases":{"type":["list","string"],"description_kind":"plain","optional":true,"computed":true},"dbms_id":{"type":"string","description_kind":"plain","optional":true},"dbms_type":{"type":"string","description_kind":"plain","computed":true},"host":{"type":"string","description_kind":"plain","optional":true},"id":{"type":"string","description_kind":"plain","optional":true,"computed":true},"instance_id":{"type":"string","description_kind":"plain","deprecated":true,"optional":true},"name":{"type":"string","description_kind":"plain","required":true},"password":{"type":"string","description_kind":"plain","required":true,"sensitive":true}},"block_types":{"timeouts":{"nesting_mode":"single","block":{"attributes":{"create":{"type":"string","description_kind":"plain","optional":true},"delete":{"type":"string","description_kind":"plain","optional":true}},"description_kind":"plain"}}},"description_kind":"plain"}},"mcs_kubernetes_cluster":{"version":0,"block":{"attributes":{"api_address":{"type":"string","description_kind":"plain","computed":true},"api_lb_fip":{"type":"string","description_kind":"plain","optional":true,"computed":true},"api_lb_vip":{"type":"string","description_kind":"plain","optional":true,"computed":true},"availability_zone":{"type":"string","description_kind":"plain","required":true},"cluster_template_id":{"type":"string","description_kind":"plain","required":true},"created_at":{"type":"string","description_kind":"plain","computed":true},"floating_ip_enabled":{"type":"bool","description_kind":"plain","required":true},"id":{"type":"string","description_kind":"plain","optional":true,"computed":true},"ingress_floating_ip":{"type":"string","description_kind":"plain","optional":true,"computed":true},"keypair":{"type":"string","description_kind":"plain","optional":true},"labels":{"type":["map","string"],"description_kind":"plain","optional":true,"computed":true},"loadbalancer_subnet_id":{"type":"string","description_kind":"plain","optional":true,"computed":true},"master_addresses":{"type":"string","description_kind":"plain","computed":true},"master_count":{"type":"number","description_kind":"plain","optional":true,"computed":true},"master_flavor":{"type":"string","description_kind":"plain","optional":true,"computed":true},"name":{"type":"string","description_kind":"plain","required":true},"network_id":{"type":"string","description_kind":"plain","required":true},"node_addresses":{"type":"string","description_kind":"plain","computed":true},"pods_network_cidr":{"type":"string","description_kind":"plain","optional":true,"computed":true},"project_id":{"type":"string","description_kind":"plain","computed":true},"region":{"type":"string","description_kind":"plain","optional":true,"computed":true},"registry_auth_password":{"type":"string","description_kind":"plain","optional":true,"computed":true},"stack_id":{"type":"string","description_kind":"plain","computed":true},"status":{"type":"string","description_kind":"plain","optional":true,"computed":true},"subnet_id":{"type":"string","description_kind":"plain","required":true},"updated_at":{"type":"string","description_kind":"plain","computed":true},"user_id":{"type":"string","description_kind":"plain","computed":true}},"block_types":{"timeouts":{"nesting_mode":"single","block":{"attributes":{"create":{"type":"string","description_kind":"plain","optional":true},"delete":{"type":"string","description_kind":"plain","optional":true},"update":{"type":"string","description_kind":"plain","optional":true}},"description_kind":"plain"}}},"description_kind":"plain"}},"mcs_kubernetes_node_group":{"version":0,"block":{"attributes":{"autoscaling_enabled":{"type":"bool","description_kind":"plain","optional":true},"availability_zones":{"type":["list","string"],"description_kind":"plain","optional":true,"computed":true},"cluster_id":{"type":"string","description_kind":"plain","required":true},"created_at":{"type":"string","description_kind":"plain","computed":true},"flavor_id":{"type":"string","description_kind":"plain","optional":true,"computed":true},"id":{"type":"string","description_kind":"plain","optional":true,"computed":true},"max_nodes":{"type":"number","description_kind":"plain","optional":true,"computed":true},"min_nodes":{"type":"number","description_kind":"plain","optional":true,"computed":true},"name":{"type":"string","description_kind":"plain","required":true},"node_count":{"type":"number","description_kind":"plain","required":true},"state":{"type":"string","description_kind":"plain","computed":true},"updated_at":{"type":"string","description_kind":"plain","computed":true},"uuid":{"type":"string","description_kind":"plain","computed":true},"volume_size":{"type":"number","description_kind":"plain","optional":true,"computed":true},"volume_type":{"type":"string","description_kind":"plain","optional":true,"computed":true}},"block_types":{"labels":{"nesting_mode":"list","block":{"attributes":{"key":{"type":"string","description_kind":"plain","required":true},"value":{"type":"string","description_kind":"plain","optional":true}},"description_kind":"plain"}},"taints":{"nesting_mode":"list","block":{"attributes":{"effect":{"type":"string","description_kind":"plain","required":true},"key":{"type":"string","description_kind":"plain","required":true},"value":{"type":"string","description_kind":"plain","required":true}},"description_kind":"plain"}},"timeouts":{"nesting_mode":"single","block":{"attributes":{"create":{"type":"string","description_kind":"plain","optional":true},"delete":{"type":"string","description_kind":"plain","optional":true},"update":{"type":"string","description_kind":"plain","optional":true}},"description_kind":"plain"}}},"description_kind":"plain"}}},"data_source_schemas":{"mcs_db_database":{"version":0,"block":{"attributes":{"charset":{"type":"string","description_kind":"plain","optional":true},"collate":{"type":"string","description_kind":"plain","optional":true},"dbms_id":{"type":"string","description_kind":"plain","optional":true},"id":{"type":"string","description_kind":"plain","required":true},"instance_id":{"type":"string","description_kind":"plain","deprecated":true,"optional":true},"name":{"type":"string","description_kind":"plain","optional":true}},"description_kind":"plain"}},"mcs_db_instance":{"version":0,"block":{"attributes":{"flavor_id":{"type":"string","description_kind":"plain","optional":true},"hostname":{"type":"string","description_kind":"plain","optional":true},"id":{"type":"string","description_kind":"plain","required":true},"ip":{"type":["list","string"],"description_kind":"plain","optional":true},"name":{"type":"string","description_kind":"plain","optional":true},"region":{"type":"string","description_kind":"plain","optional":true},"status":{"type":"string","description_kind":"plain","optional":true}},"block_types":{"datastore":{"nesting_mode":"list","block":{"attributes":{"type":{"type":"string","description_kind":"plain","required":true},"version":{"type":"string","description_kind":"plain","required":true}},"description_kind":"plain"},"max_items":1},"volume":{"nesting_mode":"set","block":{"attributes":{"size":{"type":"number","description_kind":"plain","required":true},"used":{"type":"number","description_kind":"plain","required":true},"volume_id":{"type":"string","description_kind":"plain","required":true},"volume_type":{"type":"string","description_kind":"plain","required":true}},"description_kind":"plain"},"max_items":1}},"description_kind":"plain"}},"mcs_db_user":{"version":0,"block":{"attributes":{"databases":{"type":["list","string"],"description_kind":"plain","optional":true},"dbms_id":{"type":"string","description_kind":"plain","optional":true},"host":{"type":"string","description_kind":"plain","optional":true},"id":{"type":"string","description_kind":"plain","required":true},"instance_id":{"type":"string","description_kind":"plain","deprecated":true,"optional":true},"name":{"type":"string","description_kind":"plain","optional":true},"password":{"type":"string","description_kind":"plain","optional":true}},"description_kind":"plain"}},"mcs_kubernetes_cluster":{"version":0,"block":{"attributes":{"api_address":{"type":"string","description_kind":"plain","computed":true},"api_lb_fip":{"type":"string","description_kind":"plain","computed":true},"api_lb_vip":{"type":"string","description_kind":"plain","computed":true},"availability_zone":{"type":"string","description_kind":"plain","computed":true},"cluster_id":{"type":"string","description_kind":"plain","optional":true,"computed":true},"cluster_template_id":{"type":"string","description_kind":"plain","computed":true},"create_timeout":{"type":"number","description_kind":"plain","computed":true},"created_at":{"type":"string","description_kind":"plain","computed":true},"discovery_url":{"type":"string","description_kind":"plain","computed":true},"floating_ip_enabled":{"type":"bool","description_kind":"plain","computed":true},"id":{"type":"string","description_kind":"plain","optional":true,"computed":true},"ingress_floating_ip":{"type":"string","description_kind":"plain","computed":true},"k8s_config":{"type":"string","description_kind":"plain","computed":true},"keypair":{"type":"string","description_kind":"plain","computed":true},"labels":{"type":["map","string"],"description_kind":"plain","computed":true},"loadbalancer_subnet_id":{"type":"string","description_kind":"plain","computed":true},"master_addresses":{"type":["list","string"],"description_kind":"plain","computed":true},"master_count":{"type":"number","description_kind":"plain","computed":true},"master_flavor":{"type":"string","description_kind":"plain","computed":true},"name":{"type":"string","description_kind":"plain","optional":true,"computed":true},"network_id":{"type":"string","description_kind":"plain","computed":true},"node_addresses":{"type":["list","string"],"description_kind":"plain","computed":true},"pods_network_cidr":{"type":"string","description_kind":"plain","computed":true},"project_id":{"type":"string","description_kind":"plain","computed":true},"region":{"type":"string","description_kind":"plain","optional":true,"computed":true},"registry_auth_password":{"type":"string","description_kind":"plain","computed":true},"stack_id":{"type":"string","description_kind":"plain","computed":true},"status":{"type":"string","description_kind":"plain","computed":true},"subnet_id":{"type":"string","description_kind":"plain","computed":true},"updated_at":{"type":"string","description_kind":"plain","computed":true},"user_id":{"type":"string","description_kind":"plain","computed":true}},"description_kind":"plain"}},"mcs_kubernetes_clustertemplate":{"version":0,"block":{"attributes":{"apiserver_port":{"type":"number","description_kind":"plain","computed":true},"cluster_distro":{"type":"string","description_kind":"plain","computed":true},"cluster_template_uuid":{"type":"string","description_kind":"plain","optional":true,"computed":true},"created_at":{"type":"string","description_kind":"plain","computed":true},"dns_nameserver":{"type":"string","description_kind":"plain","computed":true},"docker_storage_driver":{"type":"string","description_kind":"plain","computed":true},"docker_volume_size":{"type":"number","description_kind":"plain","computed":true},"external_network_id":{"type":"string","description_kind":"plain","computed":true},"flavor":{"type":"string","description_kind":"plain","computed":true},"floating_ip_enabled":{"type":"bool","description_kind":"plain","computed":true},"id":{"type":"string","description_kind":"plain","optional":true,"computed":true},"image":{"type":"string","description_kind":"plain","computed":true},"insecure_registry":{"type":"string","description_kind":"plain","computed":true},"keypair_id":{"type":"string","description_kind":"plain","computed":true},"labels":{"type":["map","string"],"description_kind":"plain","computed":true},"master_flavor":{"type":"string","description_kind":"plain","computed":true},"master_lb_enabled":{"type":"bool","description_kind":"plain","computed":true},"name":{"type":"string","description_kind":"plain","optional":true,"computed":true},"network_driver":{"type":"string","description_kind":"plain","computed":true},"no_proxy":{"type":"string","description_kind":"plain","computed":true},"project_id":{"type":"string","description_kind":"plain","computed":true},"public":{"type":"bool","description_kind":"plain","computed":true},"region":{"type":"string","description_kind":"plain","optional":true,"computed":true},"registry_enabled":{"type":"bool","description_kind":"plain","computed":true},"server_type":{"type":"string","description_kind":"plain","computed":true},"tls_disabled":{"type":"bool","description_kind":"plain","computed":true},"updated_at":{"type":"string","description_kind":"plain","computed":true},"user_id":{"type":"string","description_kind":"plain","computed":true},"version":{"type":"string","description_kind":"plain","optional":true,"computed":true},"volume_driver":{"type":"string","description_kind":"plain","computed":true}},"description_kind":"plain"}},"mcs_kubernetes_clustertemplates":{"version":0,"block":{"attributes":{"cluster_templates":{"type":["list",["object",{"cluster_template_uuid":"string","name":"string","version":"string"}]],"description_kind":"plain","computed":true},"id":{"type":"string","description_kind":"plain","optional":true,"computed":true}},"description_kind":"plain"}},"mcs_kubernetes_node_group":{"version":0,"block":{"attributes":{"autoscaling_enabled":{"type":"bool","description_kind":"plain","optional":true},"availability_zones":{"type":["list","string"],"description_kind":"plain","computed":true},"cluster_id":{"type":"string","description_kind":"plain","computed":true},"flavor_id":{"type":"string","description_kind":"plain","optional":true},"id":{"type":"string","description_kind":"plain","optional":true,"computed":true},"max_nodes":{"type":"number","description_kind":"plain","optional":true},"min_nodes":{"type":"number","description_kind":"plain","optional":true},"name":{"type":"string","description_kind":"plain","optional":true,"computed":true},"node_count":{"type":"number","description_kind":"plain","optional":true},"nodes":{"type":["list",["object",{"created_at":"string","name":"string","node_group_id":"string","updated_at":"string","uuid":"string"}]],"description_kind":"plain","computed":true},"state":{"type":"string","description_kind":"plain","computed":true},"uuid":{"type":"string","description_kind":"plain","required":true},"volume_size":{"type":"number","description_kind":"plain","optional":true},"volume_type":{"type":"string","description_kind":"plain","optional":true}},"description_kind":"plain"}},"mcs_region":{"version":0,"block":{"attributes":{"description":{"type":"string","description_kind":"plain","computed":true},"id":{"type":"string","description_kind":"plain","optional":true},"parent_region":{"type":"string","description_kind":"plain","computed":true}},"description_kind":"plain"}},"mcs_regions":{"version":0,"block":{"attributes":{"id":{"type":"string","description_kind":"plain","optional":true,"computed":true},"names":{"type":["set","string"],"description_kind":"plain","computed":true},"parent_region_id":{"type":"string","description_kind":"plain","optional":true}},"description_kind":"plain"}}}}}}
