{"format_version":"0.2","provider_schemas":{"registry.terraform.io/maksymbilenko/synthetics":{"provider":{"version":0,"block":{"attributes":{"access_key":{"type":"string","description":"Access key id","description_kind":"plain","optional":true},"profile":{"type":"string","description":"The profile for API operations. If not set, the default profile\ncreated with `aws configure` will be used.","description_kind":"plain","optional":true},"region":{"type":"string","description":"Region","description_kind":"plain","required":true},"secret_key":{"type":"string","description":"Secret key id","description_kind":"plain","optional":true},"shared_credentials_file":{"type":"string","description":"The path to the shared credentials file. If not set\nthis defaults to ~/.aws/credentials.","description_kind":"plain","optional":true},"token":{"type":"string","description":"Security token","description_kind":"plain","optional":true}},"block_types":{"assume_role":{"nesting_mode":"set","block":{"attributes":{"external_id":{"type":"string","description":"The external ID to use when assuming the role. If omitted, no external ID is passed to the AssumeRole call.","description_kind":"plain","optional":true},"policy":{"type":"string","description":"The permissions applied when assuming a role. You cannot use, this policy to grant further permissions that are in excess to those of the,  role that is being assumed.","description_kind":"plain","optional":true},"role_arn":{"type":"string","description":"The ARN of an IAM role to assume prior to making API calls.","description_kind":"plain","optional":true},"session_name":{"type":"string","description":"The session name to use when assuming the role. If omitted, no session name is passed to the AssumeRole call.","description_kind":"plain","optional":true}},"description_kind":"plain"},"max_items":1}},"description_kind":"plain"}},"resource_schemas":{"synthetics_canary":{"version":0,"block":{"attributes":{"arn":{"type":"string","description_kind":"plain","computed":true},"artifact_s3_location":{"type":"string","description_kind":"plain","required":true},"engine_arn":{"type":"string","description_kind":"plain","computed":true},"execution_role_arn":{"type":"string","description_kind":"plain","required":true},"failure_retention_period":{"type":"number","description_kind":"plain","optional":true},"handler":{"type":"string","description_kind":"plain","required":true},"id":{"type":"string","description_kind":"plain","optional":true,"computed":true},"name":{"type":"string","description_kind":"plain","required":true},"runtime_version":{"type":"string","description_kind":"plain","required":true},"s3_bucket":{"type":"string","description_kind":"plain","optional":true},"s3_key":{"type":"string","description_kind":"plain","optional":true},"s3_version":{"type":"string","description_kind":"plain","optional":true},"source_location_arn":{"type":"string","description_kind":"plain","computed":true},"start":{"type":"bool","description_kind":"plain","optional":true},"success_retention_period":{"type":"number","description_kind":"plain","optional":true},"zip_file":{"type":"string","description_kind":"plain","optional":true}},"block_types":{"run_config":{"nesting_mode":"list","block":{"attributes":{"memory_in_mb":{"type":"number","description_kind":"plain","optional":true},"timeout_in_seconds":{"type":"number","description_kind":"plain","optional":true}},"description_kind":"plain"},"max_items":1},"schedule":{"nesting_mode":"list","block":{"attributes":{"duration_in_seconds":{"type":"number","description_kind":"plain","optional":true},"expression":{"type":"string","description_kind":"plain","required":true}},"description_kind":"plain"},"min_items":1,"max_items":1},"vpc_config":{"nesting_mode":"list","block":{"attributes":{"security_group_ids":{"type":["set","string"],"description_kind":"plain","optional":true},"subnet_ids":{"type":["set","string"],"description_kind":"plain","optional":true},"vpc_id":{"type":"string","description_kind":"plain","computed":true}},"description_kind":"plain"},"max_items":1}},"description_kind":"plain"}}}}}}
