{"format_version":"0.2","provider_schemas":{"registry.terraform.io/marco-bertelli/trello":{"provider":{"version":0,"block":{"description_kind":"plain"}},"resource_schemas":{"trello_board":{"version":0,"block":{"attributes":{"board_id":{"type":"string","description_kind":"plain","computed":true},"board_name":{"type":"string","description_kind":"plain","required":true},"cards":{"type":["list","string"],"description_kind":"plain","required":true},"id":{"type":"string","description_kind":"plain","optional":true,"computed":true},"key":{"type":"string","description_kind":"plain","required":true},"member_emails":{"type":["list","string"],"description_kind":"plain","required":true},"token":{"type":"string","description_kind":"plain","required":true},"workspace_id":{"type":"string","description_kind":"plain","computed":true},"workspace_name":{"type":"string","description_kind":"plain","required":true}},"description_kind":"plain"}}}}}}
