{"format_version":"0.2","provider_schemas":{"registry.terraform.io/marceloalmeida/openfaas":{"provider":{"version":0,"block":{"attributes":{"password":{"type":"string","description":"OpenFaaS gateway password","description_kind":"plain","optional":true,"sensitive":true},"tls_insecure":{"type":"bool","description":"if true, skip tls verification (not recommended)","description_kind":"plain","optional":true},"uri":{"type":"string","description":"OpenFaaS gateway uri","description_kind":"plain","optional":true},"user_name":{"type":"string","description":"OpenFaaS gateway username","description_kind":"plain","optional":true}},"description_kind":"plain"}},"resource_schemas":{"openfaas_function":{"version":0,"block":{"attributes":{"annotations":{"type":["map","string"],"description_kind":"plain","optional":true},"constraints":{"type":["set","string"],"description_kind":"plain","optional":true},"env_vars":{"type":["map","string"],"description_kind":"plain","optional":true},"f_process":{"type":"string","description_kind":"plain","optional":true},"id":{"type":"string","description_kind":"plain","optional":true,"computed":true},"image":{"type":"string","description_kind":"plain","required":true},"labels":{"type":["map","string"],"description_kind":"plain","optional":true},"name":{"type":"string","description_kind":"plain","required":true},"network":{"type":"string","description_kind":"plain","optional":true},"read_only_root_file_system":{"type":["map","string"],"description_kind":"plain","optional":true},"registry_auth":{"type":"string","description_kind":"plain","optional":true},"secrets":{"type":["set","string"],"description_kind":"plain","optional":true}},"block_types":{"limits":{"nesting_mode":"set","block":{"attributes":{"cpu":{"type":"string","description_kind":"plain","optional":true},"memory":{"type":"string","description_kind":"plain","optional":true}},"description_kind":"plain"},"max_items":1},"requests":{"nesting_mode":"set","block":{"attributes":{"cpu":{"type":"string","description_kind":"plain","optional":true},"memory":{"type":"string","description_kind":"plain","optional":true}},"description_kind":"plain"},"max_items":1}},"description_kind":"plain"}}},"data_source_schemas":{"openfaas_function":{"version":0,"block":{"attributes":{"annotations":{"type":["map","string"],"description_kind":"plain","optional":true,"computed":true},"f_process":{"type":"string","description_kind":"plain","optional":true,"computed":true},"id":{"type":"string","description_kind":"plain","optional":true,"computed":true},"image":{"type":"string","description_kind":"plain","optional":true,"computed":true},"labels":{"type":["map","string"],"description_kind":"plain","optional":true,"computed":true},"name":{"type":"string","description_kind":"plain","required":true}},"description_kind":"plain"}}}}}}
