{"format_version":"0.2","provider_schemas":{"registry.terraform.io/mateuszlewko/shell":{"provider":{"version":0,"block":{"attributes":{"enable_parallelism":{"type":"bool","description_kind":"plain","optional":true},"environment":{"type":["map","string"],"description_kind":"plain","optional":true},"interpreter":{"type":["list","string"],"description_kind":"plain","optional":true},"sensitive_environment":{"type":["map","string"],"description_kind":"plain","optional":true,"sensitive":true}},"description_kind":"plain"}},"resource_schemas":{"shell_script":{"version":0,"block":{"attributes":{"dirty":{"type":"bool","description_kind":"plain","optional":true},"environment":{"type":["map","string"],"description_kind":"plain","optional":true},"id":{"type":"string","description_kind":"plain","optional":true,"computed":true},"interpreter":{"type":["list","string"],"description_kind":"plain","optional":true},"output":{"type":["map","string"],"description_kind":"plain","computed":true},"sensitive_environment":{"type":["map","string"],"description_kind":"plain","optional":true,"sensitive":true},"triggers":{"type":["map","string"],"description_kind":"plain","optional":true},"working_directory":{"type":"string","description_kind":"plain","optional":true}},"block_types":{"lifecycle_commands":{"nesting_mode":"list","block":{"attributes":{"create":{"type":"string","description_kind":"plain","required":true},"delete":{"type":"string","description_kind":"plain","required":true},"read":{"type":"string","description_kind":"plain","optional":true},"update":{"type":"string","description_kind":"plain","optional":true}},"description_kind":"plain"},"min_items":1,"max_items":1}},"description_kind":"plain"}}},"data_source_schemas":{"shell_script":{"version":0,"block":{"attributes":{"environment":{"type":["map","string"],"description_kind":"plain","optional":true},"id":{"type":"string","description_kind":"plain","optional":true,"computed":true},"interpreter":{"type":["list","string"],"description_kind":"plain","optional":true},"output":{"type":["map","string"],"description_kind":"plain","computed":true},"sensitive_environment":{"type":["map","string"],"description_kind":"plain","optional":true,"sensitive":true},"working_directory":{"type":"string","description_kind":"plain","optional":true}},"block_types":{"lifecycle_commands":{"nesting_mode":"list","block":{"attributes":{"read":{"type":"string","description_kind":"plain","required":true}},"description_kind":"plain"},"min_items":1,"max_items":1}},"description_kind":"plain"}}}}}}
