{"format_version":"0.2","provider_schemas":{"registry.terraform.io/mathiaspius/zfs":{"provider":{"version":0,"block":{"attributes":{"host":{"type":"string","description_kind":"plain","required":true},"key":{"type":"string","description_kind":"plain","optional":true},"key_passphrase":{"type":"string","description_kind":"plain","optional":true},"key_path":{"type":"string","description_kind":"plain","optional":true},"password":{"type":"string","description_kind":"plain","optional":true},"port":{"type":"string","description_kind":"plain","optional":true},"user":{"type":"string","description_kind":"plain","required":true}},"description_kind":"plain"}},"resource_schemas":{"zfs_dataset":{"version":0,"block":{"attributes":{"gid":{"type":"number","description":"Set group of the mountpoint. Must be a valid gid","description_kind":"markdown","optional":true},"group":{"type":"string","description":"Set group of the mountpoint. Must be a valid group name","description_kind":"markdown","optional":true},"id":{"type":"string","description_kind":"plain","optional":true,"computed":true},"mountpoint":{"type":"string","description":"Mountpoint of the dataset.","description_kind":"markdown","optional":true},"name":{"type":"string","description":"Name of the ZFS dataset.","description_kind":"markdown","required":true},"owner":{"type":"string","description":"Set owner of the mountpoint. Must be a valid username","description_kind":"markdown","optional":true},"uid":{"type":"number","description":"Set owner of the mountpoint. Must be a valid uid","description_kind":"markdown","optional":true}},"description":"zfs dataset resource.","description_kind":"markdown"}}},"data_source_schemas":{"zfs_dataset":{"version":0,"block":{"attributes":{"gid":{"type":"number","description":"gid of the group owning the mountpoint.","description_kind":"markdown","computed":true},"group":{"type":"string","description":"Name of the group owning the mountpoint","description_kind":"markdown","computed":true},"id":{"type":"string","description_kind":"plain","optional":true,"computed":true},"mountpoint":{"type":"string","description":"Mountpoint of the dataset.","description_kind":"markdown","computed":true},"name":{"type":"string","description":"Name of the zfs dataset.","description_kind":"markdown","required":true},"owner":{"type":"string","description":"Username of the owner of the mountpoint","description_kind":"markdown","computed":true},"uid":{"type":"number","description":"uid of the owner of the mountpoint","description_kind":"markdown","computed":true}},"description":"Data about a specific dataset.","description_kind":"markdown"}},"zfs_pool":{"version":0,"block":{"attributes":{"capacity":{"type":"string","description":"Capacity of the pool.","description_kind":"markdown","computed":true},"id":{"type":"string","description_kind":"plain","optional":true,"computed":true},"name":{"type":"string","description":"Name of the zpool.","description_kind":"markdown","required":true},"size":{"type":"string","description":"Size of the pool.","description_kind":"markdown","computed":true}},"description":"Sample data source in the Terraform provider scaffolding.","description_kind":"markdown"}}}}}}
