{"format_version":"0.2","provider_schemas":{"registry.terraform.io/mavidser/linux":{"provider":{"version":0,"block":{"attributes":{"host":{"type":"string","description":"The host to ssh into","description_kind":"plain","optional":true},"password":{"type":"string","description":"The password, if used for authentication","description_kind":"plain","optional":true},"port":{"type":"number","description":"The ssh port","description_kind":"plain","optional":true},"private_key":{"type":"string","description":"The location of the private key, if used for authentication","description_kind":"plain","optional":true},"use_sudo":{"type":"string","description":"Do certain commands need to be prefixed with sudo?","description_kind":"plain","optional":true},"user":{"type":"string","description":"The username to ssh with","description_kind":"plain","optional":true}},"description_kind":"plain"}},"resource_schemas":{"linux_file":{"version":0,"block":{"attributes":{"content":{"type":"string","description_kind":"plain","optional":true},"id":{"type":"string","description_kind":"plain","optional":true,"computed":true},"owner":{"type":"string","description_kind":"plain","optional":true,"computed":true},"path":{"type":"string","description_kind":"plain","required":true},"permissions":{"type":"number","description_kind":"plain","optional":true,"computed":true}},"description_kind":"plain"}},"linux_folder":{"version":0,"block":{"attributes":{"id":{"type":"string","description_kind":"plain","optional":true,"computed":true},"owner":{"type":"string","description_kind":"plain","optional":true,"computed":true},"path":{"type":"string","description_kind":"plain","required":true},"permissions":{"type":"number","description_kind":"plain","optional":true,"computed":true}},"description_kind":"plain"}},"linux_group":{"version":0,"block":{"attributes":{"gid":{"type":"number","description_kind":"plain","optional":true,"computed":true},"id":{"type":"string","description_kind":"plain","optional":true,"computed":true},"name":{"type":"string","description_kind":"plain","required":true},"system":{"type":"bool","description_kind":"plain","optional":true}},"description_kind":"plain"}},"linux_user":{"version":0,"block":{"attributes":{"gid":{"type":"number","description_kind":"plain","optional":true,"computed":true},"id":{"type":"string","description_kind":"plain","optional":true,"computed":true},"name":{"type":"string","description_kind":"plain","required":true},"system":{"type":"bool","description_kind":"plain","optional":true},"uid":{"type":"number","description_kind":"plain","optional":true,"computed":true}},"description_kind":"plain"}}}}}}
