{"format_version":"0.2","provider_schemas":{"registry.terraform.io/maxjoehnk/iis":{"provider":{"version":0,"block":{"attributes":{"access_key":{"type":"string","description_kind":"plain","required":true},"host":{"type":"string","description_kind":"plain","required":true}},"description_kind":"plain"}},"resource_schemas":{"iis_application":{"version":0,"block":{"attributes":{"application_pool":{"type":"string","description_kind":"plain","optional":true},"id":{"type":"string","description_kind":"plain","optional":true,"computed":true},"location":{"type":"string","description_kind":"plain","computed":true},"path":{"type":"string","description_kind":"plain","required":true},"physical_path":{"type":"string","description_kind":"plain","required":true},"website":{"type":"string","description_kind":"plain","required":true}},"description_kind":"plain"}},"iis_application_pool":{"version":0,"block":{"attributes":{"id":{"type":"string","description_kind":"plain","optional":true,"computed":true},"name":{"type":"string","description_kind":"plain","required":true},"status":{"type":"string","description_kind":"plain","optional":true}},"description_kind":"plain"}},"iis_authentication":{"version":0,"block":{"attributes":{"application":{"type":"string","description_kind":"plain","required":true},"id":{"type":"string","description_kind":"plain","optional":true,"computed":true}},"block_types":{"anonymous":{"nesting_mode":"list","block":{"attributes":{"enabled":{"type":"bool","description_kind":"plain","optional":true},"user":{"type":"string","description_kind":"plain","optional":true}},"description_kind":"plain"},"max_items":1},"basic":{"nesting_mode":"list","block":{"attributes":{"default_domain":{"type":"string","description_kind":"plain","optional":true},"enabled":{"type":"bool","description_kind":"plain","optional":true},"realm":{"type":"string","description_kind":"plain","optional":true}},"description_kind":"plain"},"max_items":1},"windows":{"nesting_mode":"list","block":{"attributes":{"enabled":{"type":"bool","description_kind":"plain","optional":true},"providers":{"type":["list","string"],"description_kind":"plain","optional":true}},"description_kind":"plain"},"max_items":1}},"description_kind":"plain"}},"iis_website":{"version":0,"block":{"attributes":{"application_pool":{"type":"string","description_kind":"plain","optional":true},"id":{"type":"string","description_kind":"plain","optional":true,"computed":true},"name":{"type":"string","description_kind":"plain","required":true},"physical_path":{"type":"string","description_kind":"plain","required":true}},"block_types":{"binding":{"nesting_mode":"set","block":{"attributes":{"hostname":{"type":"string","description_kind":"plain","optional":true},"ip_address":{"type":"string","description_kind":"plain","optional":true},"port":{"type":"number","description_kind":"plain","optional":true},"protocol":{"type":"string","description_kind":"plain","optional":true}},"description_kind":"plain"},"min_items":1}},"description_kind":"plain"}}},"data_source_schemas":{"iis_website":{"version":0,"block":{"attributes":{"id":{"type":"string","description_kind":"plain","optional":true,"computed":true},"ids":{"type":["list","string"],"description_kind":"plain","computed":true}},"description_kind":"plain"}}}}}}
