{"format_version":"0.2","provider_schemas":{"registry.terraform.io/maxpetretta/infoblox":{"provider":{"version":0,"block":{"attributes":{"host":{"type":"string","description":"Infoblox host","description_kind":"plain","required":true},"password":{"type":"string","description":"Infoblox password","description_kind":"plain","required":true},"timeout":{"type":"number","description":"Request timeout","description_kind":"plain","optional":true},"tls_verify":{"type":"bool","description":"Infoblox SSL validation","description_kind":"plain","optional":true},"username":{"type":"string","description":"Infoblox username","description_kind":"plain","required":true},"wapi_version":{"type":"string","description":"Infoblox Web API version","description_kind":"plain","required":true}},"description_kind":"plain"}},"resource_schemas":{"infoblox_a_record":{"version":0,"block":{"attributes":{"comment":{"type":"string","description_kind":"plain","required":true},"id":{"type":"string","description_kind":"plain","optional":true,"computed":true},"ipv4addr":{"type":"string","description_kind":"plain","required":true},"name":{"type":"string","description_kind":"plain","required":true},"view":{"type":"string","description":"Infoblox view, case sensitive","description_kind":"plain","required":true}},"description_kind":"plain"}},"infoblox_cname_record":{"version":0,"block":{"attributes":{"canonical":{"type":"string","description_kind":"plain","required":true},"comment":{"type":"string","description_kind":"plain","required":true},"id":{"type":"string","description_kind":"plain","optional":true,"computed":true},"name":{"type":"string","description_kind":"plain","required":true},"view":{"type":"string","description":"Infoblox view, case sensitive","description_kind":"plain","required":true}},"description_kind":"plain"}},"infoblox_txt_record":{"version":0,"block":{"attributes":{"id":{"type":"string","description_kind":"plain","optional":true,"computed":true},"name":{"type":"string","description_kind":"plain","required":true},"text":{"type":"string","description_kind":"plain","required":true},"view":{"type":"string","description":"Infoblox view, case sensitive","description_kind":"plain","required":true}},"description_kind":"plain"}}}}}}
