{"format_version":"0.2","provider_schemas":{"registry.terraform.io/mborho/ipfs":{"provider":{"version":0,"block":{"attributes":{"node":{"type":"string","description":"ipfs server address, default localhost:5001","description_kind":"plain","optional":true}},"block_types":{"remote_pin_service":{"nesting_mode":"list","block":{"attributes":{"endpoint":{"type":"string","description_kind":"plain","required":true},"name":{"type":"string","description_kind":"plain","required":true},"skip_ssl_verify":{"type":"bool","description_kind":"plain","optional":true},"token":{"type":"string","description_kind":"plain","required":true}},"description_kind":"plain"},"max_items":1}},"description_kind":"plain"}},"resource_schemas":{"ipfs_add":{"version":0,"block":{"attributes":{"cid":{"type":"string","description_kind":"plain","computed":true},"id":{"type":"string","description_kind":"plain","optional":true,"computed":true},"local_path":{"type":"string","description_kind":"plain","required":true}},"description_kind":"plain"}},"ipfs_dir":{"version":0,"block":{"attributes":{"cid":{"type":"string","description_kind":"plain","computed":true},"id":{"type":"string","description_kind":"plain","optional":true,"computed":true},"local_path":{"type":"string","description_kind":"plain","required":true}},"description_kind":"plain"}},"ipfs_file":{"version":0,"block":{"attributes":{"cid":{"type":"string","description_kind":"plain","computed":true},"file":{"type":"string","description_kind":"plain","required":true},"id":{"type":"string","description_kind":"plain","optional":true,"computed":true},"path":{"type":"string","description_kind":"plain","required":true}},"description_kind":"plain"}},"ipfs_key":{"version":0,"block":{"attributes":{"id":{"type":"string","description_kind":"plain","optional":true,"computed":true},"name":{"type":"string","description_kind":"plain","required":true},"size":{"type":"number","description_kind":"plain","optional":true},"type":{"type":"string","description_kind":"plain","optional":true}},"description_kind":"plain"}},"ipfs_pin":{"version":0,"block":{"attributes":{"cid":{"type":"string","description_kind":"plain","required":true},"id":{"type":"string","description_kind":"plain","optional":true,"computed":true}},"description_kind":"plain"}},"ipfs_publish":{"version":0,"block":{"attributes":{"id":{"type":"string","description_kind":"plain","optional":true,"computed":true},"key":{"type":"string","description_kind":"plain","optional":true},"name":{"type":"string","description_kind":"plain","computed":true},"path":{"type":"string","description_kind":"plain","required":true},"value":{"type":"string","description_kind":"plain","computed":true}},"block_types":{"timeouts":{"nesting_mode":"single","block":{"attributes":{"create":{"type":"string","description_kind":"plain","optional":true},"delete":{"type":"string","description_kind":"plain","optional":true},"read":{"type":"string","description_kind":"plain","optional":true}},"description_kind":"plain"}}},"description_kind":"plain"}},"ipfs_remote_pin":{"version":0,"block":{"attributes":{"cid":{"type":"string","description_kind":"plain","required":true},"delegates":{"type":["list","string"],"description_kind":"plain","optional":true,"computed":true},"id":{"type":"string","description_kind":"plain","optional":true,"computed":true},"meta":{"type":["map","string"],"description_kind":"plain","optional":true},"name":{"type":"string","description_kind":"plain","optional":true},"origins":{"type":["list","string"],"description_kind":"plain","optional":true},"request_id":{"type":"string","description_kind":"plain","optional":true,"computed":true},"service":{"type":"string","description_kind":"plain","required":true},"status":{"type":"string","description_kind":"plain","optional":true,"computed":true}},"description_kind":"plain"}},"ipfs_swarm_connect":{"version":0,"block":{"attributes":{"addresses":{"type":["list","string"],"description_kind":"plain","required":true},"can_fail":{"type":"bool","description_kind":"plain","optional":true},"id":{"type":"string","description_kind":"plain","optional":true,"computed":true}},"description_kind":"plain"}}}}}}
