{"format_version":"0.2","provider_schemas":{"registry.terraform.io/mcalpinefree/plausible":{"provider":{"version":0,"block":{"attributes":{"password":{"type":"string","description":"Plausible password. Can be specified with the `PLAUSIBLE_PASSWORD` environment variable.","description_kind":"plain","optional":true},"username":{"type":"string","description":"Plausible username. Can be specified with the `PLAUSIBLE_USERNAME` environment variable.","description_kind":"plain","optional":true}},"description_kind":"plain"}},"resource_schemas":{"plausible_goal":{"version":0,"block":{"attributes":{"event_name":{"type":"string","description":"Custom event E.g. `Signup`","description_kind":"plain","optional":true},"id":{"type":"string","description":"The goal ID","description_kind":"plain","computed":true},"page_path":{"type":"string","description":"Page path event. E.g. `/success`","description_kind":"plain","optional":true},"site_id":{"type":"string","description":"The domain of the site to create the goal for.","description_kind":"plain","required":true}},"description_kind":"plain"}},"plausible_shared_link":{"version":0,"block":{"attributes":{"id":{"type":"string","description":"The shared link ID","description_kind":"plain","computed":true},"link":{"type":"string","description":"Shared link","description_kind":"plain","computed":true},"password":{"type":"string","description":"Add a password or leave it blank so anyone with the link can see the stats.","description_kind":"plain","optional":true},"site_id":{"type":"string","description":"The domain of the site to create the shared link for.","description_kind":"plain","required":true}},"description_kind":"plain"}},"plausible_site":{"version":0,"block":{"attributes":{"domain":{"type":"string","description_kind":"plain","required":true},"id":{"type":"string","description":"The site ID","description_kind":"plain","computed":true},"javascript_snippet":{"type":"string","description":"Include this snippet in the \u003chead\u003e of your website.","description_kind":"plain","computed":true},"timezone":{"type":"string","description_kind":"plain","required":true}},"description_kind":"plain"}}}}}}
