{"format_version":"0.2","provider_schemas":{"registry.terraform.io/mcmarkj/ec":{"provider":{"version":0,"block":{"attributes":{"api_key":{"type":"string","description":"Elastic Cloud API key","description_kind":"plain","required":true},"insecure":{"type":"bool","description":"Disable certificate verification of API calls","description_kind":"plain","optional":true},"url":{"type":"string","description":"Elastic Cloud API endpoint","description_kind":"plain","optional":true}},"description_kind":"plain"}},"resource_schemas":{"ec_deployment":{"version":0,"block":{"attributes":{"cluster_id":{"type":"string","description":"Cluster ID","description_kind":"plain","computed":true},"data_node":{"type":"bool","description":"Defines whether elasticsearch node can hold data","description_kind":"plain","optional":true},"deployment_id":{"type":"string","description":"Elastic Cloud deployment ID","description_kind":"plain","computed":true},"elastic_instance_id":{"type":"string","description":"Instance ID for elastic node. Depends on cloud provider","description_kind":"plain","required":true},"elastic_node_memory":{"type":"number","description":"Amount of memory (MB) per elasticsearch node","description_kind":"plain","required":true},"elastic_zone_count":{"type":"number","description":"Number of availability zones in selected region","description_kind":"plain","required":true},"endpoint":{"type":"string","description":"Elasticsearch cluster endpoint","description_kind":"plain","computed":true},"id":{"type":"string","description_kind":"plain","optional":true,"computed":true},"ingest_node":{"type":"bool","description":"Defines whether elasticsearch node can run an ingest pipeline","description_kind":"plain","optional":true},"master_node":{"type":"bool","description":"Defines whether elasticsearch node can be elected master","description_kind":"plain","optional":true},"ml_node":{"type":"bool","description":"Defines whether elasticsearch node can run Machine Learning jobs","description_kind":"plain","optional":true},"name":{"type":"string","description":"A name for the deployment; otherwise this will be the generated deployment id","description_kind":"plain","required":true},"password":{"type":"string","description":"Elasticsearch password","description_kind":"plain","computed":true},"region":{"type":"string","description":"Geographic area where the data center of the cloud provider that hosts your deployment is located","description_kind":"plain","required":true},"template_id":{"type":"string","description":"Unique identifier of the deployment template - pre-configure the components of the Elastic Stack","description_kind":"plain","required":true},"username":{"type":"string","description":"Elasticsearch username","description_kind":"plain","computed":true},"version":{"type":"string","description":"Elastic stack version","description_kind":"plain","required":true}},"description_kind":"plain"}}},"data_source_schemas":{"ec_deployments":{"version":0,"block":{"attributes":{"id":{"type":"string","description_kind":"plain","optional":true,"computed":true},"ids":{"type":["map","string"],"description_kind":"plain","computed":true}},"description_kind":"plain"}}}}}}
