{"format_version":"0.2","provider_schemas":{"registry.terraform.io/megaport/megaport":{"provider":{"version":0,"block":{"attributes":{"accept_purchase_terms":{"type":"bool","description_kind":"plain","required":true},"delete_ports":{"type":"bool","description_kind":"plain","optional":true},"environment":{"type":"string","description_kind":"plain","optional":true},"mfa_otp_key":{"type":"string","description_kind":"plain","optional":true},"password":{"type":"string","description_kind":"plain","required":true},"username":{"type":"string","description_kind":"plain","required":true}},"description_kind":"plain"}},"resource_schemas":{"megaport_aws_connection":{"version":0,"block":{"attributes":{"admin_locked":{"type":"bool","description_kind":"plain","computed":true},"aws_id":{"type":"string","description_kind":"plain","computed":true},"b_end":{"type":["set",["object",{"assigned_asn":"number","assigned_vlan":"number","location":"string","name":"string","owner_uid":"string","port_id":"string","requested_vlan":"number"}]],"description_kind":"plain","computed":true},"company_name":{"type":"string","description_kind":"plain","computed":true},"create_date":{"type":"number","description_kind":"plain","computed":true},"created_by":{"type":"string","description_kind":"plain","computed":true},"id":{"type":"string","description_kind":"plain","optional":true,"computed":true},"live_date":{"type":"number","description_kind":"plain","computed":true},"locked":{"type":"bool","description_kind":"plain","computed":true},"provisioning_status":{"type":"string","description_kind":"plain","computed":true},"rate_limit":{"type":"number","description_kind":"plain","required":true},"vxc_internal_type":{"type":"string","description_kind":"plain","optional":true},"vxc_name":{"type":"string","description_kind":"plain","required":true},"vxc_type":{"type":"string","description_kind":"plain","computed":true}},"block_types":{"a_end":{"nesting_mode":"set","block":{"attributes":{"assigned_asn":{"type":"number","description_kind":"plain","computed":true},"assigned_vlan":{"type":"number","description_kind":"plain","computed":true},"location":{"type":"string","description_kind":"plain","computed":true},"name":{"type":"string","description_kind":"plain","computed":true},"owner_uid":{"type":"string","description_kind":"plain","computed":true},"port_id":{"type":"string","description_kind":"plain","computed":true},"requested_vlan":{"type":"number","description_kind":"plain","required":true}},"description_kind":"plain"}},"csp_settings":{"nesting_mode":"set","block":{"attributes":{"amazon_account":{"type":"string","description_kind":"plain","required":true},"amazon_asn":{"type":"number","description_kind":"plain","required":true},"amazon_ip":{"type":"string","description_kind":"plain","optional":true},"assigned_asn":{"type":"number","description_kind":"plain","computed":true},"attached_to":{"type":"string","description_kind":"plain","required":true},"auth_key":{"type":"string","description_kind":"plain","optional":true},"customer_ip":{"type":"string","description_kind":"plain","optional":true},"hosted_connection":{"type":"bool","description_kind":"plain","optional":true},"prefixes":{"type":"string","description_kind":"plain","optional":true},"requested_asn":{"type":"number","description_kind":"plain","required":true},"requested_product_id":{"type":"string","description_kind":"plain","required":true},"visibility":{"type":"string","description_kind":"plain","optional":true}},"description_kind":"plain"},"min_items":1}},"description_kind":"plain"}},"megaport_azure_connection":{"version":0,"block":{"attributes":{"admin_locked":{"type":"bool","description_kind":"plain","computed":true},"b_end":{"type":["set",["object",{"assigned_asn":"number","assigned_vlan":"number","location":"string","name":"string","owner_uid":"string","port_id":"string","requested_vlan":"number"}]],"description_kind":"plain","computed":true},"company_name":{"type":"string","description_kind":"plain","computed":true},"create_date":{"type":"number","description_kind":"plain","computed":true},"created_by":{"type":"string","description_kind":"plain","computed":true},"id":{"type":"string","description_kind":"plain","optional":true,"computed":true},"live_date":{"type":"number","description_kind":"plain","computed":true},"locked":{"type":"bool","description_kind":"plain","computed":true},"provisioning_status":{"type":"string","description_kind":"plain","computed":true},"rate_limit":{"type":"number","description_kind":"plain","required":true},"vxc_internal_type":{"type":"string","description_kind":"plain","optional":true},"vxc_name":{"type":"string","description_kind":"plain","required":true},"vxc_type":{"type":"string","description_kind":"plain","computed":true}},"block_types":{"a_end":{"nesting_mode":"set","block":{"attributes":{"assigned_asn":{"type":"number","description_kind":"plain","computed":true},"assigned_vlan":{"type":"number","description_kind":"plain","computed":true},"location":{"type":"string","description_kind":"plain","computed":true},"name":{"type":"string","description_kind":"plain","computed":true},"owner_uid":{"type":"string","description_kind":"plain","computed":true},"port_id":{"type":"string","description_kind":"plain","computed":true},"requested_vlan":{"type":"number","description_kind":"plain","required":true}},"description_kind":"plain"}},"csp_settings":{"nesting_mode":"set","block":{"attributes":{"attached_to":{"type":"string","description_kind":"plain","required":true},"service_key":{"type":"string","description_kind":"plain","required":true}},"block_types":{"peerings":{"nesting_mode":"set","block":{"attributes":{"microsoft_peer":{"type":"bool","description_kind":"plain","optional":true},"private_peer":{"type":"bool","description_kind":"plain","optional":true},"public_peer":{"type":"bool","description_kind":"plain","optional":true}},"description_kind":"plain"},"min_items":1}},"description_kind":"plain"},"min_items":1}},"description_kind":"plain"}},"megaport_gcp_connection":{"version":0,"block":{"attributes":{"admin_locked":{"type":"bool","description_kind":"plain","computed":true},"b_end":{"type":["set",["object",{"assigned_asn":"number","assigned_vlan":"number","location":"string","name":"string","owner_uid":"string","port_id":"string","requested_vlan":"number"}]],"description_kind":"plain","computed":true},"company_name":{"type":"string","description_kind":"plain","computed":true},"create_date":{"type":"number","description_kind":"plain","computed":true},"created_by":{"type":"string","description_kind":"plain","computed":true},"id":{"type":"string","description_kind":"plain","optional":true,"computed":true},"live_date":{"type":"number","description_kind":"plain","computed":true},"locked":{"type":"bool","description_kind":"plain","computed":true},"provisioning_status":{"type":"string","description_kind":"plain","computed":true},"rate_limit":{"type":"number","description_kind":"plain","required":true},"vxc_internal_type":{"type":"string","description_kind":"plain","optional":true},"vxc_name":{"type":"string","description_kind":"plain","required":true},"vxc_type":{"type":"string","description_kind":"plain","computed":true}},"block_types":{"a_end":{"nesting_mode":"set","block":{"attributes":{"assigned_asn":{"type":"number","description_kind":"plain","computed":true},"assigned_vlan":{"type":"number","description_kind":"plain","computed":true},"location":{"type":"string","description_kind":"plain","computed":true},"name":{"type":"string","description_kind":"plain","computed":true},"owner_uid":{"type":"string","description_kind":"plain","computed":true},"port_id":{"type":"string","description_kind":"plain","computed":true},"requested_vlan":{"type":"number","description_kind":"plain","required":true}},"description_kind":"plain"}},"csp_settings":{"nesting_mode":"set","block":{"attributes":{"attached_to":{"type":"string","description_kind":"plain","required":true},"pairing_key":{"type":"string","description_kind":"plain","required":true},"requested_product_id":{"type":"string","description_kind":"plain","optional":true}},"description_kind":"plain"},"min_items":1}},"description_kind":"plain"}},"megaport_mcr":{"version":0,"block":{"attributes":{"admin_locked":{"type":"bool","description_kind":"plain","computed":true},"company_name":{"type":"string","description_kind":"plain","computed":true},"create_date":{"type":"number","description_kind":"plain","computed":true},"created_by":{"type":"string","description_kind":"plain","computed":true},"id":{"type":"string","description_kind":"plain","optional":true,"computed":true},"live_date":{"type":"number","description_kind":"plain","computed":true},"location_id":{"type":"number","description_kind":"plain","required":true},"locked":{"type":"bool","description_kind":"plain","computed":true},"market":{"type":"string","description_kind":"plain","computed":true},"marketplace_visibility":{"type":"bool","description_kind":"plain","computed":true},"mcr_name":{"type":"string","description_kind":"plain","required":true},"provisioning_status":{"type":"string","description_kind":"plain","computed":true},"terminate_date":{"type":"number","description_kind":"plain","computed":true},"type":{"type":"string","description_kind":"plain","computed":true}},"block_types":{"router":{"nesting_mode":"set","block":{"attributes":{"assigned_asn":{"type":"number","description_kind":"plain","computed":true},"port_speed":{"type":"number","description_kind":"plain","required":true},"requested_asn":{"type":"number","description_kind":"plain","optional":true}},"description_kind":"plain"},"min_items":1}},"description_kind":"plain"}},"megaport_port":{"version":0,"block":{"attributes":{"admin_locked":{"type":"bool","description_kind":"plain","computed":true},"company_name":{"type":"string","description_kind":"plain","computed":true},"create_date":{"type":"number","description_kind":"plain","computed":true},"created_by":{"type":"string","description_kind":"plain","computed":true},"id":{"type":"string","description_kind":"plain","optional":true,"computed":true},"lag":{"type":"bool","description_kind":"plain","optional":true},"lag_id":{"type":"number","description_kind":"plain","optional":true,"computed":true},"lag_port_count":{"type":"number","description_kind":"plain","optional":true},"lag_primary":{"type":"bool","description_kind":"plain","optional":true,"computed":true},"live_date":{"type":"number","description_kind":"plain","computed":true},"location_id":{"type":"number","description_kind":"plain","required":true},"locked":{"type":"bool","description_kind":"plain","computed":true},"market_code":{"type":"string","description_kind":"plain","computed":true},"marketplace_visibility":{"type":"bool","description_kind":"plain","optional":true},"port_name":{"type":"string","description_kind":"plain","required":true},"port_speed":{"type":"number","description_kind":"plain","required":true},"provisioning_status":{"type":"string","description_kind":"plain","computed":true},"term":{"type":"number","description_kind":"plain","optional":true},"type":{"type":"string","description_kind":"plain","computed":true}},"description_kind":"plain"}},"megaport_vxc":{"version":0,"block":{"attributes":{"admin_locked":{"type":"bool","description_kind":"plain","computed":true},"company_name":{"type":"string","description_kind":"plain","computed":true},"create_date":{"type":"number","description_kind":"plain","computed":true},"created_by":{"type":"string","description_kind":"plain","computed":true},"id":{"type":"string","description_kind":"plain","optional":true,"computed":true},"live_date":{"type":"number","description_kind":"plain","computed":true},"locked":{"type":"bool","description_kind":"plain","computed":true},"provisioning_status":{"type":"string","description_kind":"plain","computed":true},"rate_limit":{"type":"number","description_kind":"plain","required":true},"vxc_internal_type":{"type":"string","description_kind":"plain","optional":true},"vxc_name":{"type":"string","description_kind":"plain","required":true},"vxc_type":{"type":"string","description_kind":"plain","computed":true}},"block_types":{"a_end":{"nesting_mode":"set","block":{"attributes":{"assigned_vlan":{"type":"number","description_kind":"plain","computed":true},"location":{"type":"string","description_kind":"plain","computed":true},"name":{"type":"string","description_kind":"plain","computed":true},"owner_uid":{"type":"string","description_kind":"plain","computed":true},"port_id":{"type":"string","description_kind":"plain","required":true},"requested_vlan":{"type":"number","description_kind":"plain","required":true}},"description_kind":"plain"},"min_items":1},"b_end":{"nesting_mode":"set","block":{"attributes":{"assigned_vlan":{"type":"number","description_kind":"plain","computed":true},"location":{"type":"string","description_kind":"plain","computed":true},"name":{"type":"string","description_kind":"plain","computed":true},"owner_uid":{"type":"string","description_kind":"plain","computed":true},"port_id":{"type":"string","description_kind":"plain","required":true},"requested_vlan":{"type":"number","description_kind":"plain","required":true}},"description_kind":"plain"},"min_items":1}},"description_kind":"plain"}}},"data_source_schemas":{"megaport_aws_connection":{"version":0,"block":{"attributes":{"a_end":{"type":["set",["object",{"assigned_asn":"number","assigned_vlan":"number","location":"string","name":"string","owner_uid":"string","port_id":"string","requested_vlan":"number"}]],"description_kind":"plain","computed":true},"admin_locked":{"type":"bool","description_kind":"plain","computed":true},"b_end":{"type":["set",["object",{"assigned_asn":"number","assigned_vlan":"number","location":"string","name":"string","owner_uid":"string","port_id":"string","requested_vlan":"number"}]],"description_kind":"plain","computed":true},"company_name":{"type":"string","description_kind":"plain","computed":true},"create_date":{"type":"number","description_kind":"plain","computed":true},"created_by":{"type":"string","description_kind":"plain","computed":true},"id":{"type":"string","description_kind":"plain","optional":true,"computed":true},"live_date":{"type":"number","description_kind":"plain","computed":true},"locked":{"type":"bool","description_kind":"plain","computed":true},"provisioning_status":{"type":"string","description_kind":"plain","computed":true},"rate_limit":{"type":"number","description_kind":"plain","computed":true},"vxc_id":{"type":"string","description_kind":"plain","required":true},"vxc_name":{"type":"string","description_kind":"plain","computed":true},"vxc_type":{"type":"string","description_kind":"plain","computed":true}},"description_kind":"plain"}},"megaport_azure_connection":{"version":0,"block":{"attributes":{"a_end":{"type":["set",["object",{"assigned_asn":"number","assigned_vlan":"number","location":"string","name":"string","owner_uid":"string","port_id":"string","requested_vlan":"number"}]],"description_kind":"plain","computed":true},"admin_locked":{"type":"bool","description_kind":"plain","computed":true},"b_end":{"type":["set",["object",{"assigned_asn":"number","assigned_vlan":"number","location":"string","name":"string","owner_uid":"string","port_id":"string","requested_vlan":"number"}]],"description_kind":"plain","computed":true},"company_name":{"type":"string","description_kind":"plain","computed":true},"create_date":{"type":"number","description_kind":"plain","computed":true},"created_by":{"type":"string","description_kind":"plain","computed":true},"id":{"type":"string","description_kind":"plain","optional":true,"computed":true},"live_date":{"type":"number","description_kind":"plain","computed":true},"locked":{"type":"bool","description_kind":"plain","computed":true},"provisioning_status":{"type":"string","description_kind":"plain","computed":true},"rate_limit":{"type":"number","description_kind":"plain","computed":true},"vxc_id":{"type":"string","description_kind":"plain","required":true},"vxc_name":{"type":"string","description_kind":"plain","computed":true},"vxc_type":{"type":"string","description_kind":"plain","computed":true}},"description_kind":"plain"}},"megaport_gcp_connection":{"version":0,"block":{"attributes":{"a_end":{"type":["set",["object",{"assigned_asn":"number","assigned_vlan":"number","location":"string","name":"string","owner_uid":"string","port_id":"string","requested_vlan":"number"}]],"description_kind":"plain","computed":true},"admin_locked":{"type":"bool","description_kind":"plain","computed":true},"b_end":{"type":["set",["object",{"assigned_asn":"number","assigned_vlan":"number","location":"string","name":"string","owner_uid":"string","port_id":"string","requested_vlan":"number"}]],"description_kind":"plain","computed":true},"company_name":{"type":"string","description_kind":"plain","computed":true},"create_date":{"type":"number","description_kind":"plain","computed":true},"created_by":{"type":"string","description_kind":"plain","computed":true},"id":{"type":"string","description_kind":"plain","optional":true,"computed":true},"live_date":{"type":"number","description_kind":"plain","computed":true},"locked":{"type":"bool","description_kind":"plain","computed":true},"provisioning_status":{"type":"string","description_kind":"plain","computed":true},"rate_limit":{"type":"number","description_kind":"plain","computed":true},"vxc_id":{"type":"string","description_kind":"plain","required":true},"vxc_name":{"type":"string","description_kind":"plain","computed":true},"vxc_type":{"type":"string","description_kind":"plain","computed":true}},"description_kind":"plain"}},"megaport_location":{"version":0,"block":{"attributes":{"address":{"type":["map","string"],"description_kind":"plain","computed":true},"country":{"type":"string","description_kind":"plain","computed":true},"has_mcr":{"type":"bool","description_kind":"plain","optional":true},"id":{"type":"number","description_kind":"plain","computed":true},"latitude":{"type":"number","description_kind":"plain","computed":true},"live_date":{"type":"number","description_kind":"plain","computed":true},"longitude":{"type":"number","description_kind":"plain","computed":true},"market":{"type":"string","description_kind":"plain","computed":true},"market_code":{"type":"string","description_kind":"plain","optional":true},"match_exact":{"type":"bool","description_kind":"plain","optional":true},"mcr_available":{"type":"bool","description_kind":"plain","computed":true},"metro":{"type":"string","description_kind":"plain","computed":true},"name":{"type":"string","description_kind":"plain","optional":true},"site_code":{"type":"string","description_kind":"plain","computed":true},"status":{"type":"string","description_kind":"plain","computed":true}},"description_kind":"plain"}},"megaport_mcr":{"version":0,"block":{"attributes":{"admin_locked":{"type":"bool","description_kind":"plain","computed":true},"company_name":{"type":"string","description_kind":"plain","computed":true},"create_date":{"type":"number","description_kind":"plain","computed":true},"created_by":{"type":"string","description_kind":"plain","computed":true},"id":{"type":"string","description_kind":"plain","optional":true,"computed":true},"live_date":{"type":"number","description_kind":"plain","computed":true},"location_id":{"type":"number","description_kind":"plain","computed":true},"locked":{"type":"bool","description_kind":"plain","computed":true},"market":{"type":"string","description_kind":"plain","computed":true},"marketplace_visibility":{"type":"bool","description_kind":"plain","computed":true},"mcr_id":{"type":"string","description_kind":"plain","required":true},"mcr_name":{"type":"string","description_kind":"plain","computed":true},"port_speed":{"type":"number","description_kind":"plain","computed":true},"provisioning_status":{"type":"string","description_kind":"plain","computed":true},"router":{"type":["set",["object",{"assigned_asn":"number","port_speed":"number"}]],"description_kind":"plain","computed":true},"type":{"type":"string","description_kind":"plain","computed":true}},"description_kind":"plain"}},"megaport_partner_port":{"version":0,"block":{"attributes":{"company_name":{"type":"string","description_kind":"plain","optional":true},"company_uid":{"type":"string","description_kind":"plain","computed":true},"connect_type":{"type":"string","description_kind":"plain","optional":true},"id":{"type":"string","description_kind":"plain","optional":true,"computed":true},"location_id":{"type":"number","description_kind":"plain","optional":true},"product_name":{"type":"string","description_kind":"plain","optional":true},"speed":{"type":"number","description_kind":"plain","computed":true}},"description_kind":"plain"}},"megaport_port":{"version":0,"block":{"attributes":{"admin_locked":{"type":"bool","description_kind":"plain","computed":true},"company_name":{"type":"string","description_kind":"plain","computed":true},"create_date":{"type":"number","description_kind":"plain","computed":true},"created_by":{"type":"string","description_kind":"plain","computed":true},"id":{"type":"string","description_kind":"plain","optional":true,"computed":true},"lag":{"type":"bool","description_kind":"plain","optional":true},"lag_id":{"type":"number","description_kind":"plain","optional":true,"computed":true},"lag_port_count":{"type":"number","description_kind":"plain","optional":true},"lag_primary":{"type":"bool","description_kind":"plain","optional":true,"computed":true},"live_date":{"type":"number","description_kind":"plain","computed":true},"location_id":{"type":"number","description_kind":"plain","computed":true},"locked":{"type":"bool","description_kind":"plain","computed":true},"market_code":{"type":"string","description_kind":"plain","computed":true},"marketplace_visibility":{"type":"bool","description_kind":"plain","computed":true},"port_id":{"type":"string","description_kind":"plain","optional":true},"port_name":{"type":"string","description_kind":"plain","computed":true},"port_speed":{"type":"number","description_kind":"plain","computed":true},"provisioning_status":{"type":"string","description_kind":"plain","computed":true},"term":{"type":"number","description_kind":"plain","computed":true},"type":{"type":"string","description_kind":"plain","computed":true}},"description_kind":"plain"}},"megaport_vxc":{"version":0,"block":{"attributes":{"a_end":{"type":["set",["object",{"assigned_asn":"number","assigned_vlan":"number","location":"string","name":"string","owner_uid":"string","port_id":"string","requested_vlan":"number"}]],"description_kind":"plain","computed":true},"admin_locked":{"type":"bool","description_kind":"plain","computed":true},"b_end":{"type":["set",["object",{"assigned_asn":"number","assigned_vlan":"number","location":"string","name":"string","owner_uid":"string","port_id":"string","requested_vlan":"number"}]],"description_kind":"plain","computed":true},"company_name":{"type":"string","description_kind":"plain","computed":true},"create_date":{"type":"number","description_kind":"plain","computed":true},"created_by":{"type":"string","description_kind":"plain","computed":true},"id":{"type":"string","description_kind":"plain","optional":true,"computed":true},"live_date":{"type":"number","description_kind":"plain","computed":true},"locked":{"type":"bool","description_kind":"plain","computed":true},"provisioning_status":{"type":"string","description_kind":"plain","computed":true},"rate_limit":{"type":"number","description_kind":"plain","computed":true},"vxc_id":{"type":"string","description_kind":"plain","required":true},"vxc_name":{"type":"string","description_kind":"plain","computed":true},"vxc_type":{"type":"string","description_kind":"plain","computed":true}},"description_kind":"plain"}}}}}}
