{"format_version":"0.2","provider_schemas":{"registry.terraform.io/menandmice/menandmice":{"provider":{"version":0,"block":{"attributes":{"endpoint":{"type":"string","description":"Micetro API endpoint","description_kind":"plain","optional":true},"password":{"type":"string","description":"Micetro password","description_kind":"plain","optional":true,"sensitive":true},"timeout":{"type":"number","description":"Micetro Request timeout","description_kind":"plain","optional":true},"tls_verify":{"type":"bool","description":"Micetro SSL validation","description_kind":"plain","optional":true},"username":{"type":"string","description":"Micetro username","description_kind":"plain","optional":true}},"description_kind":"plain"}},"resource_schemas":{"menandmice_dhcp_reservation":{"version":0,"block":{"attributes":{"addresses":{"type":["list","string"],"description":"A list of IP addresses used for the reservation.","description_kind":"plain","required":true},"client_identifier":{"type":"string","description":"The client_identifier of this reservation.","description_kind":"plain","required":true},"ddns_hostname":{"type":"string","description":"Dynamic DNS hostname for the reservation. Only applicable for ISC DHCP servers.","description_kind":"plain","optional":true},"description":{"type":"string","description":"Description for the reservation. Only applicable for MS DHCP servers.","description_kind":"plain","optional":true},"filename":{"type":"string","description":"The filename DHCP option. Only applicable for ISC DHCP servers.","description_kind":"plain","optional":true},"id":{"type":"string","description_kind":"plain","optional":true,"computed":true},"name":{"type":"string","description":"The name of DHCP reservation you want to query.","description_kind":"plain","required":true},"next_server":{"type":"string","description":"The next-server ISC DHCP option. Only applicable for ISC DHCP servers.","description_kind":"plain","optional":true},"owner":{"type":"string","description":"DHCP group scope or server where this reservation is made.","description_kind":"plain","required":true},"owner_ref":{"type":"string","description":"Internal reference to the DHCP group scope or server where this reservation is made.","description_kind":"plain","computed":true},"ref":{"type":"string","description":"Internal reference to this DHCP reservation","description_kind":"plain","computed":true},"reservation_method":{"type":"string","description":"DHCP reservation method. Example: HardwareAddress , ClientIdentifier. (Default: HardwareAddress)","description_kind":"plain","optional":true},"servername":{"type":"string","description":"The server-name DHCP option. Only applicable for ISC DHCP servers.","description_kind":"plain","optional":true},"type":{"type":"string","description":"The type of this DHCP reservation. Example: DHCP , BOOTP , BOTH.","description_kind":"plain","optional":true}},"description_kind":"plain"}},"menandmice_dns_record":{"version":0,"block":{"attributes":{"aging":{"type":"number","description":"The aging timestamp of dynamic records in AD integrated zones. Hours since January 1, 1601, UTC. Providing a non-zero value creates a dynamic record.","description_kind":"plain","optional":true},"comment":{"type":"string","description":"Contains the comment string for the record. Only records in static DNS zones can have a comment string. Some cloud DNS provides do not support comments.","description_kind":"plain","optional":true},"data":{"type":"string","description":"The data stored in the DNS record.","description_kind":"plain","required":true},"dns_zone_ref":{"type":"string","description":"Internal reference to the zone where this DNS record is stored.","description_kind":"plain","computed":true},"enabled":{"type":"bool","description":"If the DNS record is enabled. (Default: True)","description_kind":"plain","optional":true},"id":{"type":"string","description_kind":"plain","optional":true,"computed":true},"name":{"type":"string","description":"The DNS record name.","description_kind":"plain","required":true},"ref":{"type":"string","description":"Internal reference to this DNS record.","description_kind":"plain","computed":true},"server":{"type":"string","description":"The DNS server where the DNS record is stored. Requires FQDN with the trialing dot '.'.","description_kind":"plain","required":true},"ttl":{"type":"number","description":"The DNS record's Time To Live value in seconds, setting how long the record is allowed to be cached.","description_kind":"plain","optional":true},"type":{"type":"string","description":"The DNS recod type. Accepted types: A, AAAA, CNAME, DNAME, DLV, DNSKEY, DS, HINFO, LOC, MX, NAPTR, NS, NSEC3PARAM, PTR, RP, SOA, SPF, SRV, SSHFP, TLSA, TXT. (Default: A)","description_kind":"plain","optional":true},"view":{"type":"string","description":"The view of the DNS record. Example: internal.","description_kind":"plain","optional":true},"zone":{"type":"string","description":"The DNS zone where the record is stored. Requires FQDN with the trailing dot '.'.","description_kind":"plain","required":true}},"description_kind":"plain"}},"menandmice_dns_zone":{"version":0,"block":{"attributes":{"adintegrated":{"type":"bool","description":"If the DNS zone is AD integrated. (Default: False)","description_kind":"plain","optional":true},"adpartition":{"type":"string","description":"The AD partition if the zone is AD integrated.","description_kind":"plain","optional":true},"adreplicationtype":{"type":"string","description":"Replication type if the zone is AD integrated.","description_kind":"plain","optional":true},"authority":{"type":"string","description":"The authoritative DNS server for this zone. Requires FQDN with the trailing dot '.'.","description_kind":"plain","required":true},"created":{"type":"string","description":"DDate when zone was created in Micetro.","description_kind":"plain","computed":true},"custom_properties":{"type":["map","string"],"description":"Map of custom properties associated with this DNS zone.","description_kind":"plain","optional":true},"displayname":{"type":"string","description":"A display name to distinguish the zone from other, identically named zone instances.","description_kind":"plain","optional":true},"dnssecsigned":{"type":"bool","description_kind":"plain","optional":true},"dnsviewref":{"type":"string","description":"Interal references to views.","description_kind":"plain","computed":true},"dnsviewrefs":{"type":["set","string"],"description":"Interal references to views. Only used with Active Directory.","description_kind":"plain","computed":true},"dynamic":{"type":"bool","description":"If the DNS zone is dynamic. (Default: False)","description_kind":"plain","optional":true},"id":{"type":"string","description_kind":"plain","optional":true,"computed":true},"kskids":{"type":"string","description":"A comma-separated string of IDs of KSKs. Starting with active keys, then inactive keys in parenthesis.","description_kind":"plain","optional":true},"lastmodified":{"type":"string","description":"Date when zone was last modified in Micetro.","description_kind":"plain","computed":true},"masters":{"type":["list","string"],"description":"List of IP addresses of all master zones, for slave zones.","description_kind":"plain","optional":true},"name":{"type":"string","description":"Fully qualified name of DNS zone, ending with the trailing dot '.'.","description_kind":"plain","required":true},"ref":{"type":"string","description":"Internal references to this DNS zone.","description_kind":"plain","computed":true},"type":{"type":"string","description":"The type of the DNS zone. Example: Master, Slave, Hint, Stub, Forward. (Default: Master)","description_kind":"plain","optional":true},"view":{"type":"string","description":"Name of the view this DNS zone is in.","description_kind":"plain","optional":true},"zskids":{"type":"string","description":"A comma-separated string of IDs of ZSKs. Starting with active keys, then inactive keys in parenthesis.","description_kind":"plain","optional":true}},"description_kind":"plain"}},"menandmice_ipam_record":{"version":0,"block":{"attributes":{"address":{"type":"string","description":"The IP address to claim.","description_kind":"plain","optional":true},"claimed":{"type":"bool","description":"If address should be claimed. Default: true","description_kind":"plain","optional":true},"current_address":{"type":"string","description":"Address currently used.","description_kind":"plain","computed":true},"custom_properties":{"type":["map","string"],"description":"Map of custom properties associated with this IP address. You can only assign properties that are already defined in Micetro.","description_kind":"plain","optional":true},"device":{"type":"string","description":"The device associated with the object.","description_kind":"plain","computed":true},"discovery_type":{"type":"string","description":"The discovery method of the IP address. Example: None, Ping, ARP, Lease, Custom.","description_kind":"plain","computed":true},"extraneous_ptr":{"type":"bool","description":"'True' if there are extraneous PTR records for the object.","description_kind":"plain","computed":true},"id":{"type":"string","description_kind":"plain","optional":true,"computed":true},"interface":{"type":"string","description":"The interface associated with the object.","description_kind":"plain","computed":true},"last_discovery_date":{"type":"string","description":"The date when the system last performed IP address discovery for this IP address.","description_kind":"plain","computed":true},"last_known_client_identifier":{"type":"string","description":"The last known MAC address associated with the IP address discovery information.","description_kind":"plain","computed":true},"last_seen_date":{"type":"string","description":"The date when the address was last seen during IP address discovery.","description_kind":"plain","computed":true},"ptr_status":{"type":"string","description":"PTR record status. Example: Unknown, OK, Verify.","description_kind":"plain","computed":true},"ref":{"type":"string","description":"Internal reference for the IP address.","description_kind":"plain","computed":true},"state":{"type":"string","description":"The state of the IP address. Example: Free, Assigned, Claimed, Pending, Held.","description_kind":"plain","computed":true},"usage":{"type":"number","description":"IP address usage bitmask.","description_kind":"plain","computed":true}},"block_types":{"free_ip":{"nesting_mode":"list","block":{"attributes":{"exclude_dhcp":{"type":"bool","description":"Exclude IP addresses that are assigned via DHCP","description_kind":"plain","optional":true},"ping":{"type":"bool","description":"Verify IP address is free with ping","description_kind":"plain","optional":true},"range":{"type":"string","description":"Pick IP address from range with name","description_kind":"plain","required":true},"start_at":{"type":"string","description":"Start searching for IP address from","description_kind":"plain","optional":true},"temporary_claim_time":{"type":"number","description":"Time in seconds to temporarily claim IP address, so it isn't claimed by others while the claim is in progess.","description_kind":"plain","optional":true}},"description":"Find a free IP address to claim.","description_kind":"plain"},"max_items":1}},"description":"`menandmice_ipam_record` IP address managment","description_kind":"plain"}}},"data_source_schemas":{"menandmice_dhcp_reservation":{"version":0,"block":{"attributes":{"addresses":{"type":["list","string"],"description":"A list of IP addresses used for the reservation.","description_kind":"plain","computed":true},"client_identifier":{"type":"string","description":"The client_identifier of this reservation.","description_kind":"plain","computed":true},"ddns_hostname":{"type":"string","description":"Dynamic DNS host name for the reservation. Only applicable for ISC DHCP servers.","description_kind":"plain","computed":true},"description":{"type":"string","description":"Description for the reservation. Only applicable for MS DHCP servers.","description_kind":"plain","computed":true},"filename":{"type":"string","description":"The filename DHCP option. Only applicable for ISC DHCP servers.","description_kind":"plain","computed":true},"id":{"type":"string","description_kind":"plain","optional":true,"computed":true},"name":{"type":"string","description":"The name of the DHCP reservation you want to query.","description_kind":"plain","required":true},"next_server":{"type":"string","description":"The next-server ISC DHCP option. Only applicable for ISC DHCP servers.","description_kind":"plain","computed":true},"owner_ref":{"type":"string","description":"Internal reference to the DHCP group scope or server where this reservation is made.","description_kind":"plain","computed":true},"ref":{"type":"string","description":"Internal reference to this DHCP reservation.","description_kind":"plain","computed":true},"reservation_method":{"type":"string","description":"DHCP reservation method, Example: HardwareAddress , ClientIdentifier.","description_kind":"plain","computed":true},"servername":{"type":"string","description":"The server-name DHCP option. Only applicable for ISC DHCP servers.","description_kind":"plain","computed":true},"type":{"type":"string","description":"The type of this DHCP reservation. Example: DHCP , BOOTP , BOTH.","description_kind":"plain","computed":true}},"description_kind":"plain"}},"menandmice_dhcp_scope":{"version":0,"block":{"attributes":{"available":{"type":"number","description":"Number of available addresses in the address pool(s) of the scope.","description_kind":"plain","computed":true},"cidr":{"type":"string","description":"The cidr of DHCPScope.","description_kind":"plain","required":true},"description":{"type":"string","description":"A description for the DHCP scope.","description_kind":"plain","computed":true},"dhcp_server":{"type":"string","description":"The DHCP server of this scope.","description_kind":"plain","optional":true},"enabled":{"type":"bool","description":"If this scope is enabled","description_kind":"plain","computed":true},"id":{"type":"string","description_kind":"plain","optional":true,"computed":true},"name":{"type":"string","description":"The name of the DHCP scope you want to query.","description_kind":"plain","computed":true},"ref":{"type":"string","description":"Internal reference to this DHCP reservation.","description_kind":"plain","computed":true},"superscope":{"type":"string","description":"The name of the superscope for the DHCP scope. Only applicable for MS DHCP servers.","description_kind":"plain","computed":true}},"description_kind":"plain"}},"menandmice_dns_record":{"version":0,"block":{"attributes":{"aging":{"type":"number","description":"The aging timestamp of dynamic records in AD integrated zones. Hours since January 1, 1601, UTC. Providing a non-zero value creates a dynamic record.","description_kind":"plain","computed":true},"comment":{"type":"string","description":"Contains the comment string for the record. Only records in static DNS zones can have a comment string. Some cloud DNS provides do not support comments.","description_kind":"plain","computed":true},"data":{"type":"string","description":"The data stored in the record","description_kind":"plain","computed":true},"dns_zone_ref":{"type":"string","description":"Internal reference to the zone where this DNS record is stored.","description_kind":"plain","computed":true},"enabled":{"type":"bool","description":"If the DNS record is enabled.","description_kind":"plain","computed":true},"id":{"type":"string","description_kind":"plain","optional":true,"computed":true},"name":{"type":"string","description":"The DNS record name.","description_kind":"plain","required":true},"ref":{"type":"string","description":"Internal reference to this DNS record.","description_kind":"plain","computed":true},"server":{"type":"string","description":"The DNS server where the DNS record is stored.","description_kind":"plain","required":true},"ttl":{"type":"number","description":"The DNS record's Time To Live value in seconds, setting how long the record is allowed to be cached.","description_kind":"plain","computed":true},"type":{"type":"string","description":"The DNS record type. Example: CNAME.","description_kind":"plain","required":true},"view":{"type":"string","description":"The view of the DNS record. Example: internal.","description_kind":"plain","optional":true},"zone":{"type":"string","description":"The DNS zone where the record is stored.","description_kind":"plain","required":true}},"description_kind":"plain"}},"menandmice_dns_zone":{"version":0,"block":{"attributes":{"adintegrated":{"type":"bool","description":"If the DNS zone is AD integrated.","description_kind":"plain","computed":true},"authority":{"type":"string","description":"The authoritative DNS server for this zone.","description_kind":"plain","computed":true},"created":{"type":"string","description":"Date when zone was created in Micetro.","description_kind":"plain","computed":true},"customp_properties":{"type":["map","string"],"description":"Map of custom properties associated with this DNS zone.","description_kind":"plain","computed":true},"displayname":{"type":"string","description":"A display name to distinguish the zone from other, identically named zone instances.","description_kind":"plain","computed":true},"dnssecsigned":{"type":"bool","description":"If DNS signing is enabled.","description_kind":"plain","computed":true},"dnsviewref":{"type":"string","description":"Interal references to views.","description_kind":"plain","computed":true},"dnsviewrefs":{"type":["set","string"],"description":"Interal references to views. Only used with Active Directory.","description_kind":"plain","computed":true},"dynamic":{"type":"bool","description":"If the DNS zone is dynamic.","description_kind":"plain","computed":true},"id":{"type":"string","description_kind":"plain","optional":true,"computed":true},"kskids":{"type":"string","description":"A comma-separated string of IDs of KSKs. Starting with active keys, then inactive keys in parenthesis.","description_kind":"plain","computed":true},"lastmodified":{"type":"string","description":"Date when zone was last modified in Micetro.","description_kind":"plain","computed":true},"name":{"type":"string","description":"Fully qualified name of DNS zone, ending with the trailing dot '.'.","description_kind":"plain","required":true},"ref":{"type":"string","description":"Internal references to this DNS zone.","description_kind":"plain","computed":true},"server":{"type":"string","description":"Fully qualified name of the DNS server where the record is stored, ending with the trailing dot '.'.","description_kind":"plain","required":true},"type":{"type":"string","description":"The type of the DNS zone. Example: Master, Slave, Hint, Stub, Forward.","description_kind":"plain","computed":true},"view":{"type":"string","description":"Name of the view this DNS zone is in.","description_kind":"plain","optional":true},"zskids":{"type":"string","description":"A comma-separated string of IDs of ZSKs. Starting with active keys, then inactive keys in parenthesis.","description_kind":"plain","computed":true}},"description_kind":"plain"}},"menandmice_ipam_record":{"version":0,"block":{"attributes":{"address":{"type":"string","description":"The IP address.","description_kind":"plain","required":true},"claimed":{"type":"bool","description":"If the IP address is claimed.","description_kind":"plain","computed":true},"custom_properties":{"type":["map","string"],"description":"Map of custom properties associated with this IP address.","description_kind":"plain","computed":true},"device":{"type":"string","description":"The device associated with the object.","description_kind":"plain","computed":true},"discovery_type":{"type":"string","description":"The discovery method of the IP address. Example: None, Ping, ARP, Lease, Custom.","description_kind":"plain","computed":true},"extraneous_ptr":{"type":"bool","description":"'True' if there are extraneous PTR records for the object.","description_kind":"plain","computed":true},"hold_info":{"type":["list",["object",{"expiry_time":"string","username":"string"}]],"description":"Contains information about who holds the otherwise free IP, and for how long.","description_kind":"plain","computed":true},"id":{"type":"string","description_kind":"plain","optional":true,"computed":true},"interface":{"type":"string","description":"The interface associated with the object.","description_kind":"plain","computed":true},"last_discovery_date":{"type":"string","description":"The date when the system last performed IP address discovery for this IP address.","description_kind":"plain","computed":true},"last_known_client_identifier":{"type":"string","description":"The last known MAC address associated with the IP address discovery information.","description_kind":"plain","computed":true},"last_seen_date":{"type":"string","description":"The date when the address was last seen during IP address discovery.","description_kind":"plain","computed":true},"ptr_status":{"type":"string","description":"PTR record status. Example: Unknown, OK, Verify.","description_kind":"plain","computed":true},"ref":{"type":"string","description":"Internal reference for the IP address.","description_kind":"plain","computed":true},"state":{"type":"string","description":"The state of the IP address. Example: Free, Assigned, Claimed, Pending, Held.","description_kind":"plain","computed":true},"usage":{"type":"number","description":"IP address usage bitmask.","description_kind":"plain","computed":true}},"description_kind":"plain"}}}}}}
