{"format_version":"0.2","provider_schemas":{"registry.terraform.io/mendi160/hashicups":{"provider":{"version":0,"block":{"attributes":{"cert":{"type":"string","description":"Athenz client certificate","description_kind":"plain","optional":true},"key":{"type":"string","description":"Athenz client key","description_kind":"plain","optional":true},"zms_url":{"type":"string","description":"Athenz API URL","description_kind":"plain","required":true}},"description_kind":"plain"}},"resource_schemas":{"athenz_group":{"version":0,"block":{"attributes":{"audit_ref":{"type":"string","description_kind":"plain","optional":true},"domain":{"type":"string","description":"Name of the domain that group belongs to","description_kind":"plain","required":true},"id":{"type":"string","description_kind":"plain","optional":true,"computed":true},"members":{"type":["set","string"],"description":"Users or services to be added as members","description_kind":"plain","optional":true},"name":{"type":"string","description":"Name of the standard group role","description_kind":"plain","required":true}},"description_kind":"plain"}},"athenz_sub_domain":{"version":0,"block":{"attributes":{"admin_users":{"type":["set","string"],"description":"Names of the standard admin users","description_kind":"plain","required":true},"audit_ref":{"type":"string","description_kind":"plain","optional":true},"id":{"type":"string","description_kind":"plain","optional":true,"computed":true},"name":{"type":"string","description":"Name of the standard sub domain","description_kind":"plain","required":true},"parent_name":{"type":"string","description":"Name of the standard parent domain","description_kind":"plain","required":true}},"description_kind":"plain"}}},"data_source_schemas":{"athenz_domain":{"version":0,"block":{"attributes":{"id":{"type":"string","description_kind":"plain","optional":true,"computed":true},"name":{"type":"string","description_kind":"plain","required":true}},"description_kind":"plain"}}}}}}
