{"format_version":"0.2","provider_schemas":{"registry.terraform.io/mentesaobra/slack":{"provider":{"version":0,"block":{"attributes":{"token":{"type":"string","description":"The OAuth token used to connect to Slack.","description_kind":"plain","required":true}},"description_kind":"plain"}},"resource_schemas":{"slack_channel":{"version":0,"block":{"attributes":{"created":{"type":"number","description_kind":"plain","computed":true},"creator":{"type":"string","description_kind":"plain","computed":true},"id":{"type":"string","description_kind":"plain","optional":true,"computed":true},"is_archived":{"type":"bool","description_kind":"plain","optional":true},"is_ext_shared":{"type":"bool","description_kind":"plain","computed":true},"is_org_shared":{"type":"bool","description_kind":"plain","computed":true},"is_shared":{"type":"bool","description_kind":"plain","computed":true},"locale":{"type":"string","description_kind":"plain","computed":true},"name":{"type":"string","description_kind":"plain","required":true},"purpose":{"type":"string","description_kind":"plain","optional":true},"topic":{"type":"string","description_kind":"plain","optional":true}},"description_kind":"plain"}},"slack_conversation":{"version":0,"block":{"attributes":{"created":{"type":"number","description_kind":"plain","computed":true},"creator":{"type":"string","description_kind":"plain","computed":true},"id":{"type":"string","description_kind":"plain","optional":true,"computed":true},"is_archived":{"type":"bool","description_kind":"plain","optional":true},"is_ext_shared":{"type":"bool","description_kind":"plain","computed":true},"is_org_shared":{"type":"bool","description_kind":"plain","computed":true},"is_private":{"type":"bool","description_kind":"plain","required":true},"is_shared":{"type":"bool","description_kind":"plain","computed":true},"name":{"type":"string","description_kind":"plain","required":true},"purpose":{"type":"string","description_kind":"plain","optional":true},"topic":{"type":"string","description_kind":"plain","optional":true}},"description_kind":"plain"}},"slack_group":{"version":0,"block":{"attributes":{"created":{"type":"number","description_kind":"plain","computed":true},"creator":{"type":"string","description_kind":"plain","computed":true},"id":{"type":"string","description_kind":"plain","optional":true,"computed":true},"is_archived":{"type":"bool","description_kind":"plain","optional":true},"is_ext_shared":{"type":"bool","description_kind":"plain","computed":true},"is_org_shared":{"type":"bool","description_kind":"plain","computed":true},"is_shared":{"type":"bool","description_kind":"plain","computed":true},"name":{"type":"string","description_kind":"plain","required":true},"purpose":{"type":"string","description_kind":"plain","optional":true},"topic":{"type":"string","description_kind":"plain","optional":true}},"description_kind":"plain"}},"slack_user":{"version":0,"block":{"attributes":{"email":{"type":"string","description_kind":"plain","required":true},"first_name":{"type":"string","description_kind":"plain","required":true},"id":{"type":"string","description_kind":"plain","optional":true,"computed":true},"last_name":{"type":"string","description_kind":"plain","required":true},"team_name":{"type":"string","description_kind":"plain","required":true}},"description_kind":"plain"}},"slack_usergroup":{"version":0,"block":{"attributes":{"auto_type":{"type":"string","description_kind":"plain","optional":true},"description":{"type":"string","description_kind":"plain","optional":true},"handle":{"type":"string","description_kind":"plain","required":true},"id":{"type":"string","description_kind":"plain","optional":true,"computed":true},"name":{"type":"string","description_kind":"plain","optional":true},"team_id":{"type":"string","description_kind":"plain","computed":true}},"description_kind":"plain"}},"slack_usergroup_channels":{"version":0,"block":{"attributes":{"channels":{"type":["set","string"],"description_kind":"plain","required":true},"id":{"type":"string","description_kind":"plain","optional":true,"computed":true},"usergroup_id":{"type":"string","description_kind":"plain","required":true}},"description_kind":"plain"}},"slack_usergroup_members":{"version":0,"block":{"attributes":{"id":{"type":"string","description_kind":"plain","optional":true,"computed":true},"members":{"type":["set","string"],"description_kind":"plain","required":true},"usergroup_id":{"type":"string","description_kind":"plain","required":true}},"description_kind":"plain"}}},"data_source_schemas":{"slack_channel":{"version":0,"block":{"attributes":{"channel_id":{"type":"string","description_kind":"plain","required":true},"created":{"type":"number","description_kind":"plain","computed":true},"creator":{"type":"string","description_kind":"plain","computed":true},"id":{"type":"string","description_kind":"plain","optional":true,"computed":true},"is_archived":{"type":"bool","description_kind":"plain","computed":true},"is_ext_shared":{"type":"bool","description_kind":"plain","computed":true},"is_org_shared":{"type":"bool","description_kind":"plain","computed":true},"is_shared":{"type":"bool","description_kind":"plain","computed":true},"locale":{"type":"string","description_kind":"plain","computed":true},"name":{"type":"string","description_kind":"plain","computed":true},"purpose":{"type":"string","description_kind":"plain","optional":true,"computed":true},"topic":{"type":"string","description_kind":"plain","optional":true,"computed":true}},"description_kind":"plain"}},"slack_conversation":{"version":0,"block":{"attributes":{"channel_id":{"type":"string","description_kind":"plain","required":true},"created":{"type":"number","description_kind":"plain","computed":true},"creator":{"type":"string","description_kind":"plain","computed":true},"id":{"type":"string","description_kind":"plain","optional":true,"computed":true},"is_archived":{"type":"bool","description_kind":"plain","computed":true},"is_ext_shared":{"type":"bool","description_kind":"plain","computed":true},"is_org_shared":{"type":"bool","description_kind":"plain","computed":true},"is_private":{"type":"bool","description_kind":"plain","computed":true},"is_shared":{"type":"bool","description_kind":"plain","computed":true},"name":{"type":"string","description_kind":"plain","computed":true},"purpose":{"type":"string","description_kind":"plain","optional":true,"computed":true},"topic":{"type":"string","description_kind":"plain","optional":true,"computed":true}},"description_kind":"plain"}},"slack_group":{"version":0,"block":{"attributes":{"created":{"type":"number","description_kind":"plain","computed":true},"creator":{"type":"string","description_kind":"plain","computed":true},"group_id":{"type":"string","description_kind":"plain","required":true},"id":{"type":"string","description_kind":"plain","optional":true,"computed":true},"is_archived":{"type":"bool","description_kind":"plain","computed":true},"is_ext_shared":{"type":"bool","description_kind":"plain","computed":true},"is_org_shared":{"type":"bool","description_kind":"plain","computed":true},"is_shared":{"type":"bool","description_kind":"plain","computed":true},"name":{"type":"string","description_kind":"plain","computed":true},"purpose":{"type":"string","description_kind":"plain","optional":true,"computed":true},"topic":{"type":"string","description_kind":"plain","optional":true,"computed":true}},"description_kind":"plain"}},"slack_user":{"version":0,"block":{"attributes":{"has_2fa":{"type":"bool","description_kind":"plain","computed":true},"id":{"type":"string","description_kind":"plain","optional":true,"computed":true},"is_admin":{"type":"bool","description_kind":"plain","computed":true},"is_bot":{"type":"bool","description_kind":"plain","computed":true},"is_owner":{"type":"bool","description_kind":"plain","computed":true},"name":{"type":"string","description_kind":"plain","computed":true},"query_type":{"type":"string","description_kind":"plain","required":true},"query_value":{"type":"string","description_kind":"plain","required":true},"real_name":{"type":"string","description_kind":"plain","computed":true}},"description_kind":"plain"}},"slack_usergroup":{"version":0,"block":{"attributes":{"auto_type":{"type":"string","description_kind":"plain","computed":true},"description":{"type":"string","description_kind":"plain","optional":true,"computed":true},"handle":{"type":"string","description_kind":"plain","computed":true},"id":{"type":"string","description_kind":"plain","optional":true,"computed":true},"name":{"type":"string","description_kind":"plain","computed":true},"team_id":{"type":"string","description_kind":"plain","computed":true},"usergroup_id":{"type":"string","description_kind":"plain","required":true}},"description_kind":"plain"}}}}}}
