{"format_version":"0.2","provider_schemas":{"registry.terraform.io/mercari/spinnaker":{"provider":{"version":0,"block":{"attributes":{"config":{"type":"string","description":"Path to Gate config file","description_kind":"plain","optional":true},"default_headers":{"type":"string","description":"Headers to be passed to the gate endpoint by the client on each request","description_kind":"plain","optional":true},"gate_endpoint":{"type":"string","description":"URL for Spinnaker Gate","description_kind":"plain","optional":true},"ignore_cert_errors":{"type":"bool","description":"Ignore certificate errors from Gate","description_kind":"plain","optional":true},"server":{"type":"string","description":"URL for Spinnaker Gate","description_kind":"plain","deprecated":true,"optional":true}},"description_kind":"plain"}},"resource_schemas":{"spinnaker_application":{"version":0,"block":{"attributes":{"application":{"type":"string","description":"Name of the Application","description_kind":"plain","deprecated":true,"optional":true},"cloud_providers":{"type":["list","string"],"description":"Cloud providers that is used by the application","description_kind":"plain","optional":true},"email":{"type":"string","description":"Email of the owner","description_kind":"plain","required":true},"id":{"type":"string","description_kind":"plain","optional":true,"computed":true},"instance_port":{"type":"number","description":"Default port of the Spinnaker generated links","description_kind":"plain","optional":true},"name":{"type":"string","description":"Name of the Application","description_kind":"plain","optional":true}},"block_types":{"permission":{"nesting_mode":"list","block":{"attributes":{"accesses":{"type":["list","string"],"description":"List of access","description_kind":"plain","required":true},"user":{"type":"string","description":"User ID","description_kind":"plain","required":true}},"description":"Application level permissions","description_kind":"plain"}}},"description":"Provides a Spinnaker application resource","description_kind":"plain"}},"spinnaker_canary_config":{"version":0,"block":{"attributes":{"applications":{"type":["list","string"],"description":"List of the application which the canary config belongs","description_kind":"plain","required":true},"description":{"type":"string","description":"Description for the canary config","description_kind":"plain","optional":true},"id":{"type":"string","description_kind":"plain","optional":true,"computed":true},"name":{"type":"string","description":"Name of the canary configuration","description_kind":"plain","required":true}},"block_types":{"classifier":{"nesting_mode":"list","block":{"attributes":{"group_weights":{"type":["map","string"],"description":"Weight for each groups","description_kind":"plain","required":true}},"description":"Classification configuration","description_kind":"plain"},"min_items":1,"max_items":1},"metric":{"nesting_mode":"list","block":{"attributes":{"groups":{"type":["list","string"],"description":"List of the group which this query belongs to","description_kind":"plain","required":true},"name":{"type":"string","description":"Human readable name of the metric","description_kind":"plain","required":true}},"block_types":{"analysis_configurations":{"nesting_mode":"list","block":{"block_types":{"canary":{"nesting_mode":"list","block":{"attributes":{"critical":{"type":"bool","description":"Fails on this metrics error or not","description_kind":"plain","optional":true},"direction":{"type":"string","description":"Direction on how to judge the failure","description_kind":"plain","optional":true},"must_have_data":{"type":"bool","description":"Used to fail a metric if data is missing","description_kind":"plain","optional":true},"nan_strategy":{"type":"string","description":" How to handle NaN values which can occur if the metric does not return data","description_kind":"plain","optional":true}},"block_types":{"effect_size":{"nesting_mode":"list","block":{"attributes":{"allowed_decrease":{"type":"number","description":"The multiplier decrease that must be met for the metric to fail","description_kind":"plain","optional":true},"allowed_increase":{"type":"number","description":"The multiplier increase that must be met for the metric to fail","description_kind":"plain","optional":true},"critical_decrease":{"type":"number","description":"The multiplier decrease that must be met for the metric to be a critical failure and fail the entire analysis with a score of 0","description_kind":"plain","optional":true},"critical_increase":{"type":"number","description":"The multiplier increase that must be met for the metric to be a critical failure and fail the entire analysis with a score of 0","description_kind":"plain","optional":true}},"description":"Controls how much different the metric needs to be","description_kind":"plain"},"max_items":1},"outliers":{"nesting_mode":"list","block":{"attributes":{"outlier_factor":{"type":"number","description":"The degree of significance a data point has to differ from other observations to be considered an outlier","description_kind":"plain","optional":true},"strategy":{"type":"string","description":"Remove or keep outliers","description_kind":"plain","optional":true}},"description":"Controls how to classify and handle outliers","description_kind":"plain"},"max_items":1}},"description":"Canary analysis configuration","description_kind":"plain"},"min_items":1,"max_items":1}},"description":"Analysis configuration","description_kind":"plain"},"max_items":1},"query":{"nesting_mode":"list","block":{"attributes":{"cross_series_reducer":{"type":"string","description":" Algorithm to group multiple time series together","description_kind":"plain","optional":true},"group_by_fields":{"type":["list","string"],"description":"Group by resource or metric labels to reduce the number of time series","description_kind":"plain","optional":true},"metric_type":{"type":"string","description":"Type of the metric","description_kind":"plain","required":true},"per_series_aligner":{"type":"string","description":"Algorithm to align individual time series","description_kind":"plain","optional":true},"resource_type":{"type":"string","description":"Type of the resource","description_kind":"plain","required":true},"service_type":{"type":"string","description":"Type of the service","description_kind":"plain","required":true},"type":{"type":"string","description":"Type of the metric","description_kind":"plain","required":true}},"description":"Query config object for your metric source type","description_kind":"plain"},"min_items":1,"max_items":1}},"description":"Metric to analyze","description_kind":"plain"},"min_items":1}},"description":"Provides a Spinnaker canary config resource","description_kind":"plain"}},"spinnaker_pipeline":{"version":0,"block":{"attributes":{"application":{"type":"string","description_kind":"plain","required":true},"id":{"type":"string","description_kind":"plain","optional":true,"computed":true},"name":{"type":"string","description_kind":"plain","required":true},"pipeline":{"type":"string","description_kind":"plain","required":true},"pipeline_id":{"type":"string","description_kind":"plain","computed":true}},"description_kind":"plain","deprecated":true}},"spinnaker_pipeline_template":{"version":0,"block":{"attributes":{"id":{"type":"string","description_kind":"plain","optional":true,"computed":true},"template":{"type":"string","description_kind":"plain","required":true},"url":{"type":"string","description_kind":"plain","computed":true}},"description_kind":"plain","deprecated":true}},"spinnaker_project":{"version":0,"block":{"attributes":{"email":{"type":"string","description":"Email of the owner","description_kind":"plain","required":true},"id":{"type":"string","description_kind":"plain","optional":true,"computed":true},"name":{"type":"string","description":"Name of the project","description_kind":"plain","required":true}},"block_types":{"config":{"nesting_mode":"list","block":{"attributes":{"applications":{"type":["list","string"],"description":"List of belonging Spinnaker Applications","description_kind":"plain","optional":true}},"block_types":{"cluster":{"nesting_mode":"list","block":{"attributes":{"account":{"type":"string","description":"Name of the account","description_kind":"plain","required":true},"detail":{"type":["list","string"],"description":"Detail of the cluster","description_kind":"plain","optional":true},"stack":{"type":["list","string"],"description":"Stack of the cluster","description_kind":"plain","optional":true}},"description":"List of clusters","description_kind":"plain"}},"pipeline_config":{"nesting_mode":"list","block":{"attributes":{"application":{"type":["list","string"],"description":"Application which to refer the pipeline","description_kind":"plain","required":true},"pipeline_config_id":{"type":["list","string"],"description":"ID of the pipeline config","description_kind":"plain","required":true}},"description":"List of pipeline configurations","description_kind":"plain"}}},"description":"Configuration of the project","description_kind":"plain"}}},"description":"Provides a Spinnaker project resource","description_kind":"plain"}}},"data_source_schemas":{"spinnaker_application":{"version":0,"block":{"attributes":{"accounts":{"type":"string","description_kind":"plain","computed":true},"cloud_providers":{"type":"string","description_kind":"plain","computed":true},"email":{"type":"string","description_kind":"plain","required":true},"id":{"type":"string","description_kind":"plain","optional":true,"computed":true},"instance_port":{"type":"string","description_kind":"plain","computed":true},"name":{"type":"string","description_kind":"plain","required":true},"permission":{"type":["map","string"],"description_kind":"plain","computed":true}},"description":"Provides a Spinnaker application resource","description_kind":"plain"}},"spinnaker_canary_config":{"version":0,"block":{"attributes":{"applications":{"type":["list","string"],"description":"Name of the Application","description_kind":"plain","optional":true},"description":{"type":"string","description":"Description of the canary config","description_kind":"plain","required":true},"id":{"type":"string","description":"Canary config id","description_kind":"plain","computed":true},"name":{"type":"string","description":"Name of the canary config","description_kind":"plain","required":true}},"block_types":{"classifier":{"nesting_mode":"list","block":{"attributes":{"group_weights":{"type":["map","string"],"description":"Weight for each groups","description_kind":"plain","required":true}},"description":"Classifier of the metrics","description_kind":"plain"},"min_items":1},"metric":{"nesting_mode":"list","block":{"attributes":{"groups":{"type":["list","string"],"description":"List of the group which this query belongs to","description_kind":"plain","required":true},"name":{"type":"string","description":"Human readable name of the metric","description_kind":"plain","required":true}},"block_types":{"analysis_configurations":{"nesting_mode":"list","block":{"block_types":{"canary":{"nesting_mode":"list","block":{"attributes":{"critical":{"type":"bool","description":"Fails on this metrics error or not","description_kind":"plain","optional":true},"direction":{"type":"string","description":"Direction on how to judge the failure","description_kind":"plain","optional":true},"must_have_data":{"type":"bool","description":"Used to fail a metric if data is missing","description_kind":"plain","optional":true},"nan_strategy":{"type":"string","description":" How to handle NaN values which can occur if the metric does not return data","description_kind":"plain","optional":true}},"block_types":{"effect_size":{"nesting_mode":"list","block":{"attributes":{"allowed_decrease":{"type":"number","description":"The multiplier decrease that must be met for the metric to fail","description_kind":"plain","optional":true},"allowed_increase":{"type":"number","description":"The multiplier increase that must be met for the metric to fail","description_kind":"plain","optional":true},"critical_decrease":{"type":"number","description":"The multiplier decrease that must be met for the metric to be a critical failure and fail the entire analysis with a score of 0","description_kind":"plain","optional":true},"critical_increase":{"type":"number","description":"The multiplier increase that must be met for the metric to be a critical failure and fail the entire analysis with a score of 0","description_kind":"plain","optional":true}},"description":"Controls how much different the metric needs to be","description_kind":"plain"},"max_items":1},"outliers":{"nesting_mode":"list","block":{"attributes":{"outlier_factor":{"type":"number","description":"The degree of significance a data point has to differ from other observations to be considered an outlier","description_kind":"plain","optional":true},"strategy":{"type":"string","description":"Remove or keep outliers","description_kind":"plain","optional":true}},"description":"Controls how to classify and handle outliers","description_kind":"plain"},"max_items":1}},"description":"Canary analysis configuration","description_kind":"plain"},"min_items":1,"max_items":1}},"description":"Analysis configuration","description_kind":"plain"},"max_items":1},"query":{"nesting_mode":"list","block":{"attributes":{"cross_series_reducer":{"type":"string","description":" Algorithm to group multiple time series together","description_kind":"plain","optional":true},"group_by_fields":{"type":["list","string"],"description":"Group by resource or metric labels to reduce the number of time series","description_kind":"plain","optional":true},"metric_type":{"type":"string","description":"Type of the metric","description_kind":"plain","required":true},"per_series_aligner":{"type":"string","description":"Algorithm to align individual time series","description_kind":"plain","optional":true},"resource_type":{"type":"string","description":"Type of the resource","description_kind":"plain","required":true},"service_type":{"type":"string","description":"Type of the service","description_kind":"plain","required":true},"type":{"type":"string","description":"Type of the metric","description_kind":"plain","required":true}},"description":"Query config object for your metric source type","description_kind":"plain"},"min_items":1,"max_items":1}},"description":"Detail of the metrics","description_kind":"plain"},"min_items":1}},"description":"Provides a Spinnaker canary config resource","description_kind":"plain"}},"spinnaker_pipeline":{"version":0,"block":{"attributes":{"application":{"type":"string","description_kind":"plain","required":true},"id":{"type":"string","description_kind":"plain","optional":true,"computed":true},"name":{"type":"string","description_kind":"plain","required":true},"pipeline":{"type":"string","description_kind":"plain","computed":true},"pipeline_id":{"type":"string","description_kind":"plain","computed":true}},"description_kind":"plain","deprecated":true}},"spinnaker_project":{"version":0,"block":{"attributes":{"email":{"type":"string","description_kind":"plain","required":true},"id":{"type":"string","description_kind":"plain","computed":true},"name":{"type":"string","description_kind":"plain","required":true}},"block_types":{"config":{"nesting_mode":"list","block":{"attributes":{"applications":{"type":["list","string"],"description":"List of belonging Spinnaker Applications","description_kind":"plain","optional":true}},"block_types":{"cluster":{"nesting_mode":"list","block":{"attributes":{"account":{"type":"string","description":"Name of the account","description_kind":"plain","required":true},"detail":{"type":["list","string"],"description":"Detail of the cluster","description_kind":"plain","optional":true},"stack":{"type":["list","string"],"description":"Stack of the cluster","description_kind":"plain","optional":true}},"description":"List of clusters","description_kind":"plain"}},"pipeline_config":{"nesting_mode":"list","block":{"attributes":{"application":{"type":["list","string"],"description":"Application which to refer the pipeline","description_kind":"plain","required":true},"pipeline_config_id":{"type":["list","string"],"description":"ID of the pipeline config","description_kind":"plain","required":true}},"description":"List of pipeline configurations","description_kind":"plain"}}},"description_kind":"plain"}}},"description":"Provides a Spinnaker project resource","description_kind":"plain"}}}}}}
