{"format_version":"0.2","provider_schemas":{"registry.terraform.io/meroxa/meroxa":{"provider":{"version":0,"block":{"attributes":{"access_token":{"type":"string","description_kind":"plain","required":true,"sensitive":true},"api_url":{"type":"string","description_kind":"plain","optional":true},"auth_domain":{"type":"string","description_kind":"plain","optional":true},"client_id":{"type":"string","description_kind":"plain","optional":true,"sensitive":true},"debug":{"type":"bool","description_kind":"plain","optional":true},"refresh_token":{"type":"string","description_kind":"plain","optional":true,"sensitive":true},"timeout":{"type":"number","description_kind":"plain","optional":true}},"description_kind":"plain"}},"resource_schemas":{"meroxa_connector":{"version":0,"block":{"attributes":{"config":{"type":["map","string"],"description":"Connector configuration","description_kind":"markdown","optional":true},"destination_id":{"type":"string","description":"The resource ID for a destination connector","description_kind":"markdown","optional":true},"id":{"type":"string","description_kind":"plain","optional":true,"computed":true},"input":{"type":"string","description":"Input stream","description_kind":"markdown","required":true},"metadata":{"type":["map","string"],"description":"Connector metadata","description_kind":"markdown","optional":true,"computed":true},"name":{"type":"string","description":"Connector Name","description_kind":"markdown","required":true},"pipeline_id":{"type":"number","description":"Connector's Pipeline ID","description_kind":"markdown","required":true},"pipeline_name":{"type":"string","description":"Connector's Pipeline Name","description_kind":"markdown","computed":true},"source_id":{"type":"string","description":"The resource ID for a source connector","description_kind":"markdown","optional":true},"state":{"type":"string","description":"Connector state","description_kind":"markdown","computed":true},"streams":{"type":["list",["object",{"dynamic":"bool","input":["list","string"],"output":["list","string"]}]],"description":"Connector Streams","description_kind":"markdown","computed":true},"type":{"type":"string","description":"Connector Type","description_kind":"markdown","computed":true}},"description_kind":"plain"}},"meroxa_endpoint":{"version":0,"block":{"attributes":{"basic_auth_password":{"type":"string","description":"Endpoint's password credential","description_kind":"markdown","computed":true,"sensitive":true},"basic_auth_username":{"type":"string","description":"Endpoint's username name credential","description_kind":"markdown","computed":true},"host":{"type":"string","description":"The Endpoint's host","description_kind":"markdown","computed":true},"id":{"type":"string","description_kind":"plain","optional":true,"computed":true},"name":{"type":"string","description":"Endpoint Name","description_kind":"markdown","required":true},"protocol":{"type":"string","description":"Protocol. Must be HTTP or GRPC","description_kind":"markdown","optional":true},"ready":{"type":"bool","description":"The Endpoint's ready state","description_kind":"markdown","computed":true},"stream":{"type":"string","description":"The Endpoint's stream","description_kind":"markdown","required":true}},"description_kind":"plain"}},"meroxa_pipeline":{"version":0,"block":{"attributes":{"id":{"type":"string","description_kind":"plain","optional":true,"computed":true},"metadata":{"type":["map","string"],"description":"Pipeline metadata","description_kind":"markdown","optional":true,"computed":true},"name":{"type":"string","description":"Pipeline name","description_kind":"markdown","required":true},"state":{"type":"string","description":"Pipeline state","description_kind":"markdown","computed":true}},"description_kind":"plain"}},"meroxa_resource":{"version":0,"block":{"attributes":{"created_at":{"type":"string","description":"Resource Created at timestamp","description_kind":"markdown","computed":true},"id":{"type":"string","description_kind":"plain","optional":true,"computed":true},"metadata":{"type":["map","string"],"description":"Resource metadata","description_kind":"markdown","optional":true},"name":{"type":"string","description":"Resource name","description_kind":"markdown","required":true},"status":{"type":"string","description":"Resource status","description_kind":"markdown","computed":true},"type":{"type":"string","description":"Resource Type. Must be one of the supported resource types.","description_kind":"markdown","required":true},"updated_at":{"type":"string","description":"Resource Updated at timestamp","description_kind":"markdown","computed":true},"url":{"type":"string","description":"Resource URL. Warning will be thrown if credentials are placed inline.Using the credentials block is highly encouraged","description_kind":"markdown","required":true}},"block_types":{"credentials":{"nesting_mode":"list","block":{"attributes":{"cacert":{"type":"string","description":"trusted certificates for verifying resource","description_kind":"markdown","optional":true},"clientcert":{"type":"string","description":"client certificate for authenticating to the resource","description_kind":"markdown","optional":true},"clientkey":{"type":"string","description":"client private key for authenticating to the resource","description_kind":"markdown","optional":true,"sensitive":true},"password":{"type":"string","description":"resource password","description_kind":"markdown","optional":true,"sensitive":true},"ssl":{"type":"bool","description":"use SSL","description_kind":"markdown","optional":true},"username":{"type":"string","description":"resource username","description_kind":"markdown","optional":true}},"description":"Resource credentials configuration","description_kind":"markdown"},"max_items":1},"ssh_tunnel":{"nesting_mode":"list","block":{"attributes":{"address":{"type":"string","description":"Bastion host address","description_kind":"markdown","required":true},"private_key":{"type":"string","description":"SSH private Key","description_kind":"markdown","optional":true,"sensitive":true},"public_key":{"type":"string","description":"SSH public Key","description_kind":"markdown","computed":true}},"description":"Resource ssh tunnel configuration","description_kind":"markdown"},"max_items":1}},"description_kind":"plain"}}},"data_source_schemas":{"meroxa_connector":{"version":0,"block":{"attributes":{"config":{"type":["map","string"],"description":"Connector configuration","description_kind":"markdown","computed":true},"destination_id":{"type":"string","description":"The resource ID for a destination connector","description_kind":"markdown","computed":true},"id":{"type":"string","description":"Connector ID","description_kind":"markdown","computed":true},"metadata":{"type":["map","string"],"description":"Connector metadata","description_kind":"markdown","computed":true},"name":{"type":"string","description":"Connector Name","description_kind":"markdown","required":true},"pipeline_id":{"type":"number","description":"Connector's Pipeline ID","description_kind":"markdown","computed":true},"pipeline_name":{"type":"string","description":"Connector's Pipeline Name","description_kind":"markdown","computed":true},"source_id":{"type":"string","description":"The resource ID for a source connector","description_kind":"markdown","computed":true},"state":{"type":"string","description":"Connector state","description_kind":"markdown","computed":true},"streams":{"type":["list",["object",{"dynamic":"bool","input":["list","string"],"output":["list","string"]}]],"description":"Connector Streams","description_kind":"markdown","computed":true},"type":{"type":"string","description":"Connector Type","description_kind":"markdown","computed":true}},"description_kind":"plain"}},"meroxa_endpoint":{"version":0,"block":{"attributes":{"basic_auth_password":{"type":"string","description":"Endpoint's password credential","description_kind":"markdown","computed":true,"sensitive":true},"basic_auth_username":{"type":"string","description":"Endpoint's username name credential","description_kind":"markdown","computed":true},"host":{"type":"string","description":"The Endpoint's host","description_kind":"markdown","computed":true},"id":{"type":"string","description":"Endpoint ID - Matches Name","description_kind":"markdown","computed":true},"name":{"type":"string","description":"Endpoint Name","description_kind":"markdown","required":true},"protocol":{"type":"string","description":"Protocol. Must be HTTP or GRPC","description_kind":"markdown","computed":true},"ready":{"type":"bool","description":"The Endpoint's ready state","description_kind":"markdown","computed":true},"stream":{"type":"string","description":"The Endpoint's stream","description_kind":"markdown","computed":true}},"description_kind":"plain"}},"meroxa_pipeline":{"version":0,"block":{"attributes":{"id":{"type":"string","description":"Pipeline ID","description_kind":"markdown","computed":true},"metadata":{"type":["map","string"],"description":"Pipeline metadata","description_kind":"markdown","computed":true},"name":{"type":"string","description":"Pipeline name","description_kind":"markdown","required":true},"state":{"type":"string","description":"Pipeline state","description_kind":"markdown","computed":true}},"description_kind":"plain"}},"meroxa_resource":{"version":0,"block":{"attributes":{"created_at":{"type":"string","description":"Resource Created at timestamp","description_kind":"markdown","computed":true},"credentials":{"type":["list",["object",{"cacert":"string","clientcert":"string","clientkey":"string","password":"string","ssl":"bool","username":"string"}]],"description":"Resource Credentials configuration","description_kind":"markdown","computed":true},"id":{"type":"string","description":"Resource ID","description_kind":"markdown","computed":true},"metadata":{"type":["map","string"],"description":"Resource Metadata","description_kind":"markdown","computed":true},"name":{"type":"string","description":"Resource Name. (Required)","description_kind":"markdown","required":true},"ssh_tunnel":{"type":["list",["object",{"address":"string","public_key":"string"}]],"description":"Resource SSH tunnel configuration","description_kind":"markdown","computed":true},"status":{"type":"string","description":"Resource Status","description_kind":"markdown","computed":true},"type":{"type":"string","description":"Resource Type. Must be one of the supported resource types.","description_kind":"markdown","computed":true},"updated_at":{"type":"string","description":"Resource Updated at timestamp","description_kind":"markdown","computed":true},"url":{"type":"string","description":"Resource URL. Warning will be thrown if credentials are placed inline. Using the credentials block is highly encouraged","description_kind":"markdown","computed":true}},"description_kind":"plain"}},"meroxa_resource_types":{"version":0,"block":{"attributes":{"id":{"type":"string","description_kind":"plain","optional":true,"computed":true},"resource_types":{"type":["list","string"],"description":"List of supported resource types","description_kind":"markdown","computed":true}},"description_kind":"plain"}},"meroxa_transforms":{"version":0,"block":{"attributes":{"id":{"type":"string","description_kind":"plain","optional":true,"computed":true},"transforms":{"type":["list",["object",{"description":"string","id":"number","name":"string","properties":["list",["object",{"name":"string","required":"bool","type":"string"}]],"required":"bool","type":"string"}]],"description":"List of Transforms","description_kind":"markdown","computed":true}},"description_kind":"plain"}}}}}}
