{"format_version":"0.2","provider_schemas":{"registry.terraform.io/mhristof/dotfiles":{"provider":{"version":0,"block":{"attributes":{"root":{"type":"string","description_kind":"plain","optional":true}},"description_kind":"plain"}},"resource_schemas":{"dotfiles_curl":{"version":0,"block":{"attributes":{"dest":{"type":"string","description_kind":"plain","optional":true},"extract":{"type":"string","description_kind":"plain","optional":true},"id":{"type":"string","description_kind":"plain","optional":true,"computed":true},"sha256sum":{"type":"string","description_kind":"plain","computed":true},"url":{"type":"string","description_kind":"plain","required":true}},"description_kind":"plain"}},"dotfiles_link":{"version":0,"block":{"attributes":{"dest":{"type":"string","description_kind":"plain","required":true},"id":{"type":"string","description_kind":"plain","optional":true,"computed":true},"source":{"type":"string","description_kind":"plain","required":true},"strip_source":{"type":"bool","description_kind":"plain","optional":true}},"description_kind":"plain"}}}}}}
