{"format_version":"0.2","provider_schemas":{"registry.terraform.io/micahkemp/gworkspace":{"provider":{"version":0,"block":{"attributes":{"customer":{"type":"string","description":"Customer number","description_kind":"plain","required":true},"impersonate_email":{"type":"string","description":"Email address to impersonate","description_kind":"plain","optional":true},"json_credentials_file":{"type":"string","description":"JSON file of Google Workspace credentials","description_kind":"plain","required":true}},"description_kind":"plain"}},"resource_schemas":{"gworkspace_domain":{"version":0,"block":{"attributes":{"id":{"type":"string","description_kind":"plain","optional":true,"computed":true},"name":{"type":"string","description":"Domain name","description_kind":"plain","required":true}},"description":"Domain associated with Google Workspace","description_kind":"plain"}}},"data_source_schemas":{"gworkspace_siteverification_token":{"version":0,"block":{"attributes":{"id":{"type":"string","description_kind":"plain","optional":true,"computed":true},"method":{"type":"string","description":"The method of validation to use","description_kind":"plain","required":true},"site_id":{"type":"string","description":"ID of the site being validated","description_kind":"plain","required":true},"token":{"type":"string","description":"The token that can be used for validation","description_kind":"plain","computed":true},"type":{"type":"string","description":"Type of site being validated","description_kind":"plain","required":true}},"description":"Get Site Verification info","description_kind":"plain"}}}}}}
