{"format_version":"0.2","provider_schemas":{"registry.terraform.io/mietz-gmbh/process":{"provider":{"version":0,"block":{"description_kind":"plain"}},"resource_schemas":{"process_end":{"version":0,"block":{"attributes":{"error":{"type":"bool","description":"If true, the process exited with a exit code not equal 0.","description_kind":"plain","computed":true},"id":{"type":"string","description_kind":"plain","optional":true,"computed":true},"inputs":{"type":["map","string"],"description":"A map of arbitrary strings that is copied into the `outputs` attribute, and accessible directly for interpolation.","description_kind":"plain","optional":true},"kill":{"type":"bool","description":"If set to true, the process will be killed rather than waiting for the process to exit.","description_kind":"plain","optional":true},"outputs":{"type":["map","string"],"description":"After the data source is \"read\", a copy of the `inputs` map.","description_kind":"plain","computed":true},"process_id":{"type":"string","description":"A ID of the executed process which is a output of the \"start_process\" data source.","description_kind":"plain","required":true}},"description_kind":"plain"}},"process_run":{"version":0,"block":{"attributes":{"error":{"type":"bool","description":"True if the last process exited with an exit code not equal 0","description_kind":"plain","computed":true},"fail_on_error":{"type":"bool","description":"If set to true, the resource will fail to create when the process exited an exit code not equal 0","description_kind":"plain","optional":true},"id":{"type":"string","description_kind":"plain","optional":true,"computed":true},"inputs":{"type":["map","string"],"description":"A map of arbitrary strings that is copied into the `outputs` attribute, and accessible directly for interpolation.","description_kind":"plain","optional":true},"outputs":{"type":["map","string"],"description":"After the data source is \"read\", a copy of the `inputs` map.","description_kind":"plain","computed":true},"retry_interval":{"type":"number","description":"The number of milliseconds to wait between the tries","description_kind":"plain","optional":true},"stderr":{"type":"string","description":"The output in stderr of the last process","description_kind":"plain","computed":true},"stdout":{"type":"string","description":"The output in stdout of the last process","description_kind":"plain","computed":true},"timed_out":{"type":"bool","description":"True if the last process was killed because it took longer than the timeout","description_kind":"plain","computed":true},"timeout":{"type":"number","description":"The maximum number of milliseconds after the process gets killed, or no timeout if 0","description_kind":"plain","optional":true},"tries":{"type":"number","description":"The number of tries","description_kind":"plain","optional":true},"triggers":{"type":["map","string"],"description":"A map of arbitrary strings that, when changed, will force the null resource to be replaced, re-running any associated provisioners.","description_kind":"plain","optional":true}},"block_types":{"command":{"nesting_mode":"list","block":{"attributes":{"command":{"type":"string","description":"The command which will be executed.","description_kind":"plain","required":true},"environment":{"type":["map","string"],"description":"A map of environment variables.","description_kind":"plain","optional":true},"interpreter":{"type":["list","string"],"description":"The command line which spawns the process.","description_kind":"plain","optional":true},"platforms":{"type":["set","string"],"description":"The platforms which are valid for this configuration","description_kind":"plain","required":true},"sensitive_environment":{"type":["map","string"],"description":"A map of environment variables which are sensitive.","description_kind":"plain","optional":true,"sensitive":true},"stdin":{"type":"string","description":"When given, this data will be piped into the stdin of the process","description_kind":"plain","optional":true},"stdin_base64":{"type":"string","description":"When given, this data will be decoded as base64 and be piped into the stdin of the process","description_kind":"plain","optional":true},"working_directory":{"type":"string","description":"The working directory to start the process in.","description_kind":"plain","optional":true}},"description":"A block which defines a possible command","description_kind":"plain"},"min_items":1}},"description_kind":"plain"}},"process_start":{"version":0,"block":{"attributes":{"id":{"type":"string","description_kind":"plain","optional":true,"computed":true},"inputs":{"type":["map","string"],"description":"A map of arbitrary strings that is copied into the `outputs` attribute, and accessible directly for interpolation.","description_kind":"plain","optional":true},"outputs":{"type":["map","string"],"description":"After the data source is \"read\", a copy of the `inputs` map.","description_kind":"plain","computed":true},"pid":{"type":"number","description":"The PID (Process Identifier) of the spawned process","description_kind":"plain","computed":true},"process_id":{"type":"string","description":"A ID of the started process which can be used to end the process with the `end_process` data source.","description_kind":"plain","computed":true},"triggers":{"type":["map","string"],"description":"A map of arbitrary strings that, when changed, will force the null resource to be replaced, re-running any associated provisioners.","description_kind":"plain","optional":true}},"block_types":{"command":{"nesting_mode":"list","block":{"attributes":{"command":{"type":"string","description":"The command which will be executed.","description_kind":"plain","required":true},"environment":{"type":["map","string"],"description":"A map of environment variables.","description_kind":"plain","optional":true},"interpreter":{"type":["list","string"],"description":"The command line which spawns the process.","description_kind":"plain","optional":true},"platforms":{"type":["set","string"],"description":"The platforms which are valid for this configuration","description_kind":"plain","required":true},"sensitive_environment":{"type":["map","string"],"description":"A map of environment variables which are sensitive.","description_kind":"plain","optional":true,"sensitive":true},"stdin":{"type":"string","description":"When given, this data will be piped into the stdin of the process","description_kind":"plain","optional":true},"stdin_base64":{"type":"string","description":"When given, this data will be decoded as base64 and be piped into the stdin of the process","description_kind":"plain","optional":true},"working_directory":{"type":"string","description":"The working directory to start the process in.","description_kind":"plain","optional":true}},"description":"A block which defines a possible command","description_kind":"plain"},"min_items":1}},"description_kind":"plain"}}},"data_source_schemas":{"process_end":{"version":0,"block":{"attributes":{"error":{"type":"bool","description":"If true, the process exited with a exit code not equal 0.","description_kind":"plain","computed":true},"id":{"type":"string","description_kind":"plain","optional":true,"computed":true},"inputs":{"type":["map","string"],"description":"A map of arbitrary strings that is copied into the `outputs` attribute, and accessible directly for interpolation.","description_kind":"plain","optional":true},"kill":{"type":"bool","description":"If set to true, the process will be killed rather than waiting for the process to exit.","description_kind":"plain","optional":true},"outputs":{"type":["map","string"],"description":"After the data source is \"read\", a copy of the `inputs` map.","description_kind":"plain","computed":true},"process_id":{"type":"string","description":"A ID of the executed process which is a output of the \"start_process\" data source.","description_kind":"plain","required":true}},"description_kind":"plain"}},"process_run":{"version":0,"block":{"attributes":{"error":{"type":"bool","description":"True if the last process exited with an exit code not equal 0","description_kind":"plain","computed":true},"fail_on_error":{"type":"bool","description":"If set to true, the resource will fail to create when the process exited an exit code not equal 0","description_kind":"plain","optional":true},"id":{"type":"string","description_kind":"plain","optional":true,"computed":true},"inputs":{"type":["map","string"],"description":"A map of arbitrary strings that is copied into the `outputs` attribute, and accessible directly for interpolation.","description_kind":"plain","optional":true},"outputs":{"type":["map","string"],"description":"After the data source is \"read\", a copy of the `inputs` map.","description_kind":"plain","computed":true},"retry_interval":{"type":"number","description":"The number of milliseconds to wait between the tries","description_kind":"plain","optional":true},"stderr":{"type":"string","description":"The output in stderr of the last process","description_kind":"plain","computed":true},"stdout":{"type":"string","description":"The output in stdout of the last process","description_kind":"plain","computed":true},"timed_out":{"type":"bool","description":"True if the last process was killed because it took longer than the timeout","description_kind":"plain","computed":true},"timeout":{"type":"number","description":"The maximum number of milliseconds after the process gets killed, or no timeout if 0","description_kind":"plain","optional":true},"tries":{"type":"number","description":"The number of tries","description_kind":"plain","optional":true},"triggers":{"type":["map","string"],"description":"A map of arbitrary strings that, when changed, will force the null resource to be replaced, re-running any associated provisioners.","description_kind":"plain","optional":true}},"block_types":{"command":{"nesting_mode":"list","block":{"attributes":{"command":{"type":"string","description":"The command which will be executed.","description_kind":"plain","required":true},"environment":{"type":["map","string"],"description":"A map of environment variables.","description_kind":"plain","optional":true},"interpreter":{"type":["list","string"],"description":"The command line which spawns the process.","description_kind":"plain","optional":true},"platforms":{"type":["set","string"],"description":"The platforms which are valid for this configuration","description_kind":"plain","required":true},"sensitive_environment":{"type":["map","string"],"description":"A map of environment variables which are sensitive.","description_kind":"plain","optional":true,"sensitive":true},"stdin":{"type":"string","description":"When given, this data will be piped into the stdin of the process","description_kind":"plain","optional":true},"stdin_base64":{"type":"string","description":"When given, this data will be decoded as base64 and be piped into the stdin of the process","description_kind":"plain","optional":true},"working_directory":{"type":"string","description":"The working directory to start the process in.","description_kind":"plain","optional":true}},"description":"A block which defines a possible command","description_kind":"plain"},"min_items":1}},"description_kind":"plain"}},"process_start":{"version":0,"block":{"attributes":{"id":{"type":"string","description_kind":"plain","optional":true,"computed":true},"inputs":{"type":["map","string"],"description":"A map of arbitrary strings that is copied into the `outputs` attribute, and accessible directly for interpolation.","description_kind":"plain","optional":true},"outputs":{"type":["map","string"],"description":"After the data source is \"read\", a copy of the `inputs` map.","description_kind":"plain","computed":true},"pid":{"type":"number","description":"The PID (Process Identifier) of the spawned process","description_kind":"plain","computed":true},"process_id":{"type":"string","description":"A ID of the started process which can be used to end the process with the `end_process` data source.","description_kind":"plain","computed":true},"triggers":{"type":["map","string"],"description":"A map of arbitrary strings that, when changed, will force the null resource to be replaced, re-running any associated provisioners.","description_kind":"plain","optional":true}},"block_types":{"command":{"nesting_mode":"list","block":{"attributes":{"command":{"type":"string","description":"The command which will be executed.","description_kind":"plain","required":true},"environment":{"type":["map","string"],"description":"A map of environment variables.","description_kind":"plain","optional":true},"interpreter":{"type":["list","string"],"description":"The command line which spawns the process.","description_kind":"plain","optional":true},"platforms":{"type":["set","string"],"description":"The platforms which are valid for this configuration","description_kind":"plain","required":true},"sensitive_environment":{"type":["map","string"],"description":"A map of environment variables which are sensitive.","description_kind":"plain","optional":true,"sensitive":true},"stdin":{"type":"string","description":"When given, this data will be piped into the stdin of the process","description_kind":"plain","optional":true},"stdin_base64":{"type":"string","description":"When given, this data will be decoded as base64 and be piped into the stdin of the process","description_kind":"plain","optional":true},"working_directory":{"type":"string","description":"The working directory to start the process in.","description_kind":"plain","optional":true}},"description":"A block which defines a possible command","description_kind":"plain"},"min_items":1}},"description_kind":"plain"}}}}}}
