{"format_version":"0.2","provider_schemas":{"registry.terraform.io/mikescops/homeassistant":{"provider":{"version":0,"block":{"attributes":{"bearer_token":{"type":"string","description":"Long live token generated from Home Assistant settings","description_kind":"plain","optional":true},"host_url":{"type":"string","description":"Url of the server host ending by /api","description_kind":"plain","optional":true}},"description_kind":"plain"}},"resource_schemas":{"ha_light":{"version":0,"block":{"attributes":{"brightness":{"type":"number","description":"Brightness of the light from 0 to 255","description_kind":"plain","optional":true},"entity_id":{"type":"string","description":"ID of the resource in Home Assistant","description_kind":"plain","required":true},"id":{"type":"string","description_kind":"plain","optional":true,"computed":true},"rgb_color":{"type":["list","number"],"description":"Array of colors : red, green, blue","description_kind":"plain","optional":true},"state":{"type":"string","description":"State of the light on/off","description_kind":"plain","required":true}},"description_kind":"plain"}},"ha_mediaplayer":{"version":0,"block":{"attributes":{"entity_id":{"type":"string","description":"ID of the resource in Home Assistant","description_kind":"plain","required":true},"id":{"type":"string","description_kind":"plain","optional":true,"computed":true},"media_content_id":{"type":"string","description":"ID of the content to display","description_kind":"plain","optional":true},"media_content_type":{"type":"string","description":"Type of the content to display","description_kind":"plain","optional":true},"state":{"type":"string","description":"State of the device","description_kind":"plain","computed":true},"volume_level":{"type":"number","description":"Volume level from 0.01 to 1","description_kind":"plain","optional":true}},"description_kind":"plain"}}},"data_source_schemas":{"ha_light":{"version":0,"block":{"attributes":{"attributes":{"type":["list",["object",{"brightness":"number","rgb_color":["list","number"]}]],"description":"Light attributes","description_kind":"plain","computed":true},"entity_id":{"type":"string","description":"ID of the resource in Home Assistant","description_kind":"plain","required":true},"id":{"type":"string","description_kind":"plain","optional":true,"computed":true},"state":{"type":"string","description":"State of the light","description_kind":"plain","computed":true}},"description_kind":"plain"}},"ha_mediaplayer":{"version":0,"block":{"attributes":{"attributes":{"type":["list",["object",{"media_title":"string","volume_level":"number"}]],"description":"Device attributes","description_kind":"plain","computed":true},"entity_id":{"type":"string","description":"ID of the resource in Home Assistant","description_kind":"plain","required":true},"id":{"type":"string","description_kind":"plain","optional":true,"computed":true},"state":{"type":"string","description":"State of the device","description_kind":"plain","computed":true}},"description_kind":"plain"}}}}}}
