{"format_version":"0.2","provider_schemas":{"registry.terraform.io/mildred/sys":{"provider":{"version":0,"block":{"attributes":{"log_level":{"type":"string","description_kind":"plain","optional":true}},"description_kind":"plain"}},"resource_schemas":{"sys_dir":{"version":0,"block":{"attributes":{"allow_existing":{"type":"bool","description":"Allow directory to exist prior to running terraform","description_kind":"plain","optional":true},"force_remove":{"type":"bool","description":"Force removing the directory even if not empty","description_kind":"plain","optional":true},"id":{"type":"string","description_kind":"plain","optional":true,"computed":true},"parent_permission":{"type":"string","description":"Permissions to set for directories created","description_kind":"plain","optional":true},"path":{"type":"string","description":"Path to the output file","description_kind":"plain","required":true},"permission":{"type":"string","description":"Permissions to set for the output file","description_kind":"plain","optional":true}},"description_kind":"plain"}},"sys_file":{"version":0,"block":{"attributes":{"clear_destination":{"type":"bool","description":"Remove directory destination before recreating it. Must be used with force_overwrite","description_kind":"plain","optional":true},"content":{"type":"string","description_kind":"plain","optional":true},"content_base64":{"type":"string","description_kind":"plain","optional":true},"directory_permission":{"type":"string","description":"Permissions to set for directories created","description_kind":"plain","optional":true},"file_permission":{"type":"string","description":"Permissions to set for the output file","description_kind":"plain","optional":true},"filename":{"type":"string","description":"Path to the output file","description_kind":"plain","optional":true},"force_overwrite":{"type":"bool","description":"Force overwrite an existing file","description_kind":"plain","optional":true},"id":{"type":"string","description_kind":"plain","optional":true,"computed":true},"sensitive_content":{"type":"string","description_kind":"plain","optional":true,"sensitive":true},"source":{"type":"string","description_kind":"plain","optional":true},"symlink_destination":{"type":"bool","description":"Symlink destination if source is a directory and target_directory is set.","description_kind":"plain","optional":true},"target_directory":{"type":"string","description":"Target directory path","description_kind":"plain","optional":true}},"description_kind":"plain"}},"sys_null":{"version":0,"block":{"attributes":{"id":{"type":"string","description_kind":"plain","optional":true,"computed":true},"inputs":{"type":["map","string"],"description_kind":"plain","optional":true},"outputs":{"type":["map","string"],"description_kind":"plain","computed":true},"triggers":{"type":["map","string"],"description_kind":"plain","optional":true},"values":{"type":["map","string"],"description_kind":"plain","optional":true}},"description_kind":"plain"}},"sys_package":{"version":0,"block":{"attributes":{"id":{"type":"string","description_kind":"plain","optional":true,"computed":true},"installed_version":{"type":"string","description_kind":"plain","computed":true},"name":{"type":"string","description_kind":"plain","required":true},"type":{"type":"string","description_kind":"plain","required":true},"version":{"type":"string","description_kind":"plain","optional":true}},"description_kind":"plain"}},"sys_shell_script":{"version":0,"block":{"attributes":{"create":{"type":"string","description_kind":"plain","optional":true},"delete":{"type":"string","description_kind":"plain","optional":true},"filename":{"type":"string","description_kind":"plain","optional":true},"id":{"type":"string","description_kind":"plain","optional":true,"computed":true},"read":{"type":"string","description_kind":"plain","optional":true},"shell":{"type":"string","description_kind":"plain","optional":true},"working_directory":{"type":"string","description_kind":"plain","optional":true}},"description_kind":"plain"}},"sys_symlink":{"version":0,"block":{"attributes":{"id":{"type":"string","description_kind":"plain","optional":true,"computed":true},"path":{"type":"string","description":"Path to the output file","description_kind":"plain","required":true},"source":{"type":"string","description":"Symlink source path","description_kind":"plain","optional":true}},"description_kind":"plain"}},"sys_systemd_unit":{"version":0,"block":{"attributes":{"active_state":{"type":"string","description_kind":"plain","computed":true},"description":{"type":"string","description_kind":"plain","computed":true},"enable":{"type":"bool","description":"Enable the unit","description_kind":"plain","optional":true},"followed":{"type":"string","description_kind":"plain","computed":true},"id":{"type":"string","description_kind":"plain","optional":true,"computed":true},"job_id":{"type":"number","description_kind":"plain","computed":true},"job_type":{"type":"string","description_kind":"plain","computed":true},"load_state":{"type":"string","description_kind":"plain","computed":true},"name":{"type":"string","description_kind":"plain","required":true},"restart_on":{"type":["map","string"],"description":"Restart unit if this changes","description_kind":"plain","optional":true},"rollback":{"type":["map","string"],"description":"Rollback information to restore once the unit is destroyed","description_kind":"plain","computed":true},"start":{"type":"bool","description":"Start the unit","description_kind":"plain","optional":true},"sub_state":{"type":"string","description_kind":"plain","computed":true},"system":{"type":"bool","description":"System systemd socket","description_kind":"plain","optional":true},"user":{"type":"bool","description":"User systemd socket","description_kind":"plain","optional":true}},"description_kind":"plain"}}},"data_source_schemas":{"sys_file":{"version":0,"block":{"attributes":{"content":{"type":"string","description_kind":"plain","computed":true},"content_base64":{"type":"string","description_kind":"plain","computed":true},"filename":{"type":"string","description":"Path to the output file","description_kind":"plain","required":true},"id":{"type":"string","description_kind":"plain","optional":true,"computed":true}},"description_kind":"plain"}}}}}}
