{"format_version":"0.2","provider_schemas":{"registry.terraform.io/missioncriticalcloud/cosmic":{"provider":{"version":0,"block":{"attributes":{"api_key":{"type":"string","description_kind":"plain","optional":true},"api_url":{"type":"string","description_kind":"plain","optional":true},"config":{"type":"string","description_kind":"plain","optional":true},"http_get_only":{"type":"bool","description_kind":"plain","optional":true},"profile":{"type":"string","description_kind":"plain","optional":true},"secret_key":{"type":"string","description_kind":"plain","optional":true},"timeout":{"type":"number","description_kind":"plain","optional":true},"zone":{"type":"string","description_kind":"plain","optional":true}},"description_kind":"plain"}},"resource_schemas":{"cosmic_affinity_group":{"version":0,"block":{"attributes":{"description":{"type":"string","description_kind":"plain","optional":true,"computed":true},"id":{"type":"string","description_kind":"plain","optional":true,"computed":true},"name":{"type":"string","description_kind":"plain","required":true},"type":{"type":"string","description_kind":"plain","required":true}},"description_kind":"plain"}},"cosmic_disk":{"version":0,"block":{"attributes":{"attach":{"type":"bool","description_kind":"plain","optional":true},"device_id":{"type":"number","description_kind":"plain","optional":true,"computed":true},"disk_controller":{"type":"string","description_kind":"plain","optional":true,"computed":true},"disk_offering":{"type":"string","description_kind":"plain","required":true},"id":{"type":"string","description_kind":"plain","optional":true,"computed":true},"name":{"type":"string","description_kind":"plain","required":true},"shrink_ok":{"type":"bool","description_kind":"plain","optional":true},"size":{"type":"number","description_kind":"plain","optional":true,"computed":true},"virtual_machine_id":{"type":"string","description_kind":"plain","optional":true},"zone":{"type":"string","description_kind":"plain","deprecated":true,"optional":true,"computed":true}},"description_kind":"plain"}},"cosmic_instance":{"version":0,"block":{"attributes":{"affinity_group_ids":{"type":["set","string"],"description_kind":"plain","optional":true},"affinity_group_names":{"type":["set","string"],"description_kind":"plain","optional":true},"disk_controller":{"type":"string","description_kind":"plain","optional":true,"computed":true},"display_name":{"type":"string","description_kind":"plain","optional":true,"computed":true},"expunge":{"type":"bool","description_kind":"plain","optional":true},"group":{"type":"string","description_kind":"plain","optional":true,"computed":true},"id":{"type":"string","description_kind":"plain","optional":true,"computed":true},"ip_address":{"type":"string","description_kind":"plain","optional":true,"computed":true},"keypair":{"type":"string","description_kind":"plain","optional":true},"name":{"type":"string","description_kind":"plain","optional":true,"computed":true},"network_id":{"type":"string","description_kind":"plain","optional":true,"computed":true},"optimise_for":{"type":"string","description_kind":"plain","optional":true,"computed":true},"root_disk_size":{"type":"number","description_kind":"plain","optional":true},"service_offering":{"type":"string","description_kind":"plain","required":true},"template":{"type":"string","description_kind":"plain","required":true},"user_data":{"type":"string","description_kind":"plain","optional":true},"zone":{"type":"string","description_kind":"plain","deprecated":true,"optional":true,"computed":true}},"description_kind":"plain"}},"cosmic_ipaddress":{"version":0,"block":{"attributes":{"acl_id":{"type":"string","description_kind":"plain","optional":true},"id":{"type":"string","description_kind":"plain","optional":true,"computed":true},"ip_address":{"type":"string","description_kind":"plain","computed":true},"network_id":{"type":"string","description_kind":"plain","optional":true},"vpc_id":{"type":"string","description_kind":"plain","optional":true}},"description_kind":"plain"}},"cosmic_loadbalancer_rule":{"version":0,"block":{"attributes":{"algorithm":{"type":"string","description_kind":"plain","required":true},"client_timeout":{"type":"string","description_kind":"plain","optional":true},"description":{"type":"string","description_kind":"plain","optional":true,"computed":true},"id":{"type":"string","description_kind":"plain","optional":true,"computed":true},"ip_address_id":{"type":"string","description_kind":"plain","required":true},"member_ids":{"type":["list","string"],"description_kind":"plain","required":true},"name":{"type":"string","description_kind":"plain","required":true},"network_id":{"type":"string","description_kind":"plain","optional":true},"private_port":{"type":"number","description_kind":"plain","required":true},"protocol":{"type":"string","description_kind":"plain","optional":true,"computed":true},"public_port":{"type":"number","description_kind":"plain","required":true},"server_timeout":{"type":"string","description_kind":"plain","optional":true}},"description_kind":"plain"}},"cosmic_network":{"version":0,"block":{"attributes":{"acl_id":{"type":"string","description_kind":"plain","optional":true},"cidr":{"type":"string","description_kind":"plain","required":true},"display_text":{"type":"string","description_kind":"plain","optional":true,"computed":true},"dns":{"type":["list","string"],"description_kind":"plain","optional":true},"endip":{"type":"string","description_kind":"plain","optional":true,"computed":true},"gateway":{"type":"string","description_kind":"plain","optional":true,"computed":true},"id":{"type":"string","description_kind":"plain","optional":true,"computed":true},"ip_exclusion_list":{"type":"string","description_kind":"plain","optional":true},"name":{"type":"string","description_kind":"plain","required":true},"network_domain":{"type":"string","description_kind":"plain","optional":true,"computed":true},"network_offering":{"type":"string","description_kind":"plain","required":true},"startip":{"type":"string","description_kind":"plain","optional":true,"computed":true},"tags":{"type":["map","string"],"description_kind":"plain","optional":true,"computed":true},"vlan":{"type":"number","description_kind":"plain","optional":true},"vpc_id":{"type":"string","description_kind":"plain","optional":true},"zone":{"type":"string","description_kind":"plain","deprecated":true,"optional":true,"computed":true}},"description_kind":"plain"}},"cosmic_network_acl":{"version":0,"block":{"attributes":{"description":{"type":"string","description_kind":"plain","optional":true,"computed":true},"id":{"type":"string","description_kind":"plain","optional":true,"computed":true},"name":{"type":"string","description_kind":"plain","required":true},"vpc_id":{"type":"string","description_kind":"plain","required":true}},"description_kind":"plain"}},"cosmic_network_acl_rule":{"version":0,"block":{"attributes":{"acl_id":{"type":"string","description_kind":"plain","required":true},"id":{"type":"string","description_kind":"plain","optional":true,"computed":true},"managed":{"type":"bool","description_kind":"plain","optional":true},"parallelism":{"type":"number","description_kind":"plain","optional":true}},"block_types":{"rule":{"nesting_mode":"set","block":{"attributes":{"action":{"type":"string","description_kind":"plain","optional":true},"cidr_list":{"type":["set","string"],"description_kind":"plain","required":true},"icmp_code":{"type":"number","description_kind":"plain","optional":true,"computed":true},"icmp_type":{"type":"number","description_kind":"plain","optional":true,"computed":true},"ports":{"type":["set","string"],"description_kind":"plain","optional":true},"protocol":{"type":"string","description_kind":"plain","required":true},"traffic_type":{"type":"string","description_kind":"plain","optional":true},"uuids":{"type":["map","string"],"description_kind":"plain","computed":true}},"description_kind":"plain"}}},"description_kind":"plain"}},"cosmic_nic":{"version":0,"block":{"attributes":{"id":{"type":"string","description_kind":"plain","optional":true,"computed":true},"ip_address":{"type":"string","description_kind":"plain","optional":true,"computed":true},"network_id":{"type":"string","description_kind":"plain","required":true},"virtual_machine_id":{"type":"string","description_kind":"plain","required":true}},"description_kind":"plain"}},"cosmic_port_forward":{"version":0,"block":{"attributes":{"id":{"type":"string","description_kind":"plain","optional":true,"computed":true},"ip_address_id":{"type":"string","description_kind":"plain","required":true},"managed":{"type":"bool","description_kind":"plain","optional":true}},"block_types":{"forward":{"nesting_mode":"set","block":{"attributes":{"private_end_port":{"type":"number","description_kind":"plain","optional":true},"private_port":{"type":"number","description_kind":"plain","required":true},"protocol":{"type":"string","description_kind":"plain","required":true},"public_end_port":{"type":"number","description_kind":"plain","optional":true},"public_port":{"type":"number","description_kind":"plain","required":true},"uuid":{"type":"string","description_kind":"plain","computed":true},"virtual_machine_id":{"type":"string","description_kind":"plain","required":true},"vm_guest_ip":{"type":"string","description_kind":"plain","optional":true}},"description_kind":"plain"},"min_items":1}},"description_kind":"plain"}},"cosmic_private_gateway":{"version":0,"block":{"attributes":{"acl_id":{"type":"string","description_kind":"plain","required":true},"id":{"type":"string","description_kind":"plain","optional":true,"computed":true},"ip_address":{"type":"string","description_kind":"plain","required":true},"network_id":{"type":"string","description_kind":"plain","required":true},"vpc_id":{"type":"string","description_kind":"plain","required":true}},"description_kind":"plain"}},"cosmic_secondary_ipaddress":{"version":0,"block":{"attributes":{"id":{"type":"string","description_kind":"plain","optional":true,"computed":true},"ip_address":{"type":"string","description_kind":"plain","optional":true,"computed":true},"nic_id":{"type":"string","description_kind":"plain","optional":true,"computed":true},"virtual_machine_id":{"type":"string","description_kind":"plain","required":true}},"description_kind":"plain"}},"cosmic_ssh_keypair":{"version":0,"block":{"attributes":{"fingerprint":{"type":"string","description_kind":"plain","computed":true},"id":{"type":"string","description_kind":"plain","optional":true,"computed":true},"name":{"type":"string","description_kind":"plain","required":true},"private_key":{"type":"string","description_kind":"plain","computed":true},"public_key":{"type":"string","description_kind":"plain","optional":true}},"description_kind":"plain"}},"cosmic_static_nat":{"version":0,"block":{"attributes":{"id":{"type":"string","description_kind":"plain","optional":true,"computed":true},"ip_address_id":{"type":"string","description_kind":"plain","required":true},"virtual_machine_id":{"type":"string","description_kind":"plain","required":true},"vm_guest_ip":{"type":"string","description_kind":"plain","optional":true,"computed":true}},"description_kind":"plain"}},"cosmic_static_route":{"version":0,"block":{"attributes":{"cidr":{"type":"string","description_kind":"plain","required":true},"id":{"type":"string","description_kind":"plain","optional":true,"computed":true},"nexthop":{"type":"string","description_kind":"plain","required":true},"vpc_id":{"type":"string","description_kind":"plain","required":true}},"description_kind":"plain"}},"cosmic_template":{"version":0,"block":{"attributes":{"display_text":{"type":"string","description_kind":"plain","optional":true,"computed":true},"format":{"type":"string","description_kind":"plain","required":true},"hypervisor":{"type":"string","description_kind":"plain","required":true},"id":{"type":"string","description_kind":"plain","optional":true,"computed":true},"is_dynamically_scalable":{"type":"bool","description_kind":"plain","optional":true,"computed":true},"is_extractable":{"type":"bool","description_kind":"plain","optional":true,"computed":true},"is_featured":{"type":"bool","description_kind":"plain","optional":true,"computed":true},"is_public":{"type":"bool","description_kind":"plain","optional":true,"computed":true},"is_ready":{"type":"bool","description_kind":"plain","computed":true},"is_ready_timeout":{"type":"number","description_kind":"plain","optional":true},"name":{"type":"string","description_kind":"plain","required":true},"os_type":{"type":"string","description_kind":"plain","required":true},"password_enabled":{"type":"bool","description_kind":"plain","optional":true,"computed":true},"url":{"type":"string","description_kind":"plain","required":true},"zone":{"type":"string","description_kind":"plain","deprecated":true,"optional":true,"computed":true}},"description_kind":"plain"}},"cosmic_vpc":{"version":0,"block":{"attributes":{"cidr":{"type":"string","description_kind":"plain","required":true},"display_text":{"type":"string","description_kind":"plain","optional":true,"computed":true},"id":{"type":"string","description_kind":"plain","optional":true,"computed":true},"name":{"type":"string","description_kind":"plain","required":true},"network_domain":{"type":"string","description_kind":"plain","optional":true,"computed":true},"source_nat_ip":{"type":"string","description_kind":"plain","computed":true},"source_nat_ip_id":{"type":"string","description_kind":"plain","computed":true},"source_nat_list":{"type":"string","description_kind":"plain","optional":true},"syslog_server_list":{"type":"string","description_kind":"plain","optional":true},"vpc_offering":{"type":"string","description_kind":"plain","required":true},"zone":{"type":"string","description_kind":"plain","deprecated":true,"optional":true,"computed":true}},"description_kind":"plain"}},"cosmic_vpn_connection":{"version":0,"block":{"attributes":{"customer_gateway_id":{"type":"string","description_kind":"plain","required":true},"id":{"type":"string","description_kind":"plain","optional":true,"computed":true},"vpn_gateway_id":{"type":"string","description_kind":"plain","required":true}},"description_kind":"plain"}},"cosmic_vpn_customer_gateway":{"version":0,"block":{"attributes":{"cidr_list":{"type":["set","string"],"description_kind":"plain","required":true},"dpd":{"type":"bool","description_kind":"plain","optional":true,"computed":true},"esp_lifetime":{"type":"number","description_kind":"plain","optional":true,"computed":true},"esp_policy":{"type":"string","description_kind":"plain","required":true},"gateway":{"type":"string","description_kind":"plain","required":true},"id":{"type":"string","description_kind":"plain","optional":true,"computed":true},"ike_lifetime":{"type":"number","description_kind":"plain","optional":true,"computed":true},"ike_policy":{"type":"string","description_kind":"plain","required":true},"ipsec_psk":{"type":"string","description_kind":"plain","required":true},"name":{"type":"string","description_kind":"plain","required":true}},"description_kind":"plain"}},"cosmic_vpn_gateway":{"version":0,"block":{"attributes":{"id":{"type":"string","description_kind":"plain","optional":true,"computed":true},"public_ip":{"type":"string","description_kind":"plain","computed":true},"vpc_id":{"type":"string","description_kind":"plain","required":true}},"description_kind":"plain"}}},"data_source_schemas":{"cosmic_network_acl":{"version":0,"block":{"attributes":{"description":{"type":"string","description_kind":"plain","computed":true},"id":{"type":"string","description_kind":"plain","computed":true},"name":{"type":"string","description_kind":"plain","computed":true},"vpc_id":{"type":"string","description_kind":"plain","computed":true}},"block_types":{"filter":{"nesting_mode":"set","block":{"attributes":{"name":{"type":"string","description_kind":"plain","required":true},"value":{"type":"string","description_kind":"plain","required":true}},"description_kind":"plain"},"min_items":1}},"description_kind":"plain"}}}}}}
