{"format_version":"0.2","provider_schemas":{"registry.terraform.io/mobaibio/sealedsecret":{"provider":{"version":0,"block":{"attributes":{"controller_name":{"type":"string","description":"The name of the sealed-secret-controller.","description_kind":"plain","optional":true},"controller_namespace":{"type":"string","description":"The namespace the controller is running in.","description_kind":"plain","optional":true}},"block_types":{"git":{"nesting_mode":"list","block":{"attributes":{"gitlab":{"type":"bool","description":"If set to true the provider will create a merge request from source branch to target branch. This is currently supported for Gitlab.","description_kind":"plain","optional":true},"source_branch":{"type":"string","description":"Name of the branch to be used. If the branch does not exist it will be created.","description_kind":"plain","optional":true},"target_branch":{"type":"string","description":"Name of the branch that should be merged to. Gitlab value must be set to true in order to create a merge request.","description_kind":"plain","optional":true},"token":{"type":"string","description":"Token to be used for the basic auth.","description_kind":"plain","required":true,"sensitive":true},"url":{"type":"string","description":"URL to the repository.","description_kind":"plain","required":true},"username":{"type":"string","description":"Username to be used for the basic auth.","description_kind":"plain","required":true}},"description":"Git repository credentials to where the sealed secret should be stored.","description_kind":"plain"},"max_items":1},"kubernetes":{"nesting_mode":"list","block":{"attributes":{"client_certificate":{"type":"string","description":"PEM-encoded client certificate for TLS authentication.","description_kind":"plain","required":true},"client_key":{"type":"string","description":"PEM-encoded client certificate key for TLS authentication.","description_kind":"plain","required":true},"cluster_ca_certificate":{"type":"string","description":"PEM-encoded root certificates bundle for TLS authentication.","description_kind":"plain","required":true},"host":{"type":"string","description":"The hostname (in form of URI) of Kubernetes master.","description_kind":"plain","required":true}},"description":"Kubernetes configuration.","description_kind":"plain"},"min_items":1,"max_items":1}},"description_kind":"plain"}},"resource_schemas":{"sealedsecret_in_git":{"version":0,"block":{"attributes":{"data":{"type":["map","string"],"description":"Key/value pairs to populate the secret. The value will be base64 encoded","description_kind":"plain","optional":true,"sensitive":true},"filepath":{"type":"string","description":"The filepath in the Git repository. Including the filename itself and extension","description_kind":"plain","required":true},"id":{"type":"string","description_kind":"plain","optional":true,"computed":true},"name":{"type":"string","description":"name of the secret, must be unique","description_kind":"plain","required":true},"namespace":{"type":"string","description":"namespace of the secret","description_kind":"plain","required":true},"public_key_hash":{"type":"string","description":"The public key hashed to detect if the public key changes.","description_kind":"plain","computed":true},"string_data":{"type":["map","string"],"description":"Key/value pairs to populate the secret.","description_kind":"plain","optional":true,"sensitive":true},"type":{"type":"string","description":"The secret type (ex. Opaque)","description_kind":"plain","optional":true}},"description_kind":"plain"}},"sealedsecret_local":{"version":0,"block":{"attributes":{"data":{"type":["map","string"],"description":"Key/value pairs to populate the secret. The value will be base64 encoded","description_kind":"plain","optional":true,"sensitive":true},"id":{"type":"string","description_kind":"plain","optional":true,"computed":true},"name":{"type":"string","description":"name of the secret, must be unique","description_kind":"plain","required":true},"namespace":{"type":"string","description":"namespace of the secret","description_kind":"plain","required":true},"type":{"type":"string","description":"The secret type (ex. Opaque). Default type is Opaque.","description_kind":"plain","optional":true},"yaml_content":{"type":"string","description":"The produced sealed secret yaml file.","description_kind":"plain","computed":true}},"description":"Creates a sealed secret and store it in yaml_content.","description_kind":"plain"}}}}}}
