{"format_version":"0.2","provider_schemas":{"registry.terraform.io/mogaleaf/mender":{"provider":{"version":0,"block":{"attributes":{"host":{"type":"string","description_kind":"plain","optional":true,"computed":true},"password":{"type":"string","description_kind":"plain","optional":true,"computed":true,"sensitive":true},"username":{"type":"string","description_kind":"plain","optional":true,"computed":true}},"description_kind":"plain"}},"resource_schemas":{"mender_artifact":{"version":0,"block":{"attributes":{"description":{"type":"string","description_kind":"plain","optional":true},"id":{"type":"string","description_kind":"plain","computed":true},"md5":{"type":"string","description_kind":"plain","computed":true},"source_file":{"type":"string","description_kind":"plain","required":true}},"description_kind":"plain"}}}}}}
