{"format_version":"0.2","provider_schemas":{"registry.terraform.io/mongey/hellosign":{"provider":{"version":0,"block":{"attributes":{"api_key":{"type":"string","description_kind":"plain","optional":true,"sensitive":true}},"description_kind":"plain"}},"resource_schemas":{"hellosign_api_app":{"version":0,"block":{"attributes":{"callback_url":{"type":"string","description":"The URL at which the ApiApp should receive event callbacks.","description_kind":"plain","optional":true},"client_id":{"type":"string","description_kind":"plain","computed":true},"custom_logo_file":{"type":"string","description":"An image file to use as a custom logo in embedded contexts.","description_kind":"plain","optional":true},"domain":{"type":"string","description":"The domain name the ApiApp will be associated with.","description_kind":"plain","required":true},"id":{"type":"string","description_kind":"plain","optional":true,"computed":true},"is_approved":{"type":"bool","description_kind":"plain","computed":true},"name":{"type":"string","description":"The name you want to assign to the ApiApp.","description_kind":"plain","required":true},"white_labeling_options":{"type":["map","string"],"description_kind":"plain","optional":true}},"block_types":{"oauth":{"nesting_mode":"list","block":{"attributes":{"callback_url":{"type":"string","description":"The callback URL to be used for OAuth flows. (Required if oauth[scopes] is provided)","description_kind":"plain","optional":true},"scopes":{"type":["list","string"],"description":"A list of OAuth scopes to be granted to the app. (Required if oauth[callback_url] is provided)","description_kind":"plain","optional":true},"secret":{"type":"string","description_kind":"plain","computed":true,"sensitive":true}},"description_kind":"plain"},"max_items":1},"owner_account":{"nesting_mode":"list","block":{"attributes":{"account_id":{"type":"string","description_kind":"plain","optional":true,"computed":true},"email_address":{"type":"string","description_kind":"plain","optional":true,"computed":true}},"description_kind":"plain"},"max_items":1}},"description_kind":"plain"}}}}}}
