{"format_version":"0.2","provider_schemas":{"registry.terraform.io/mories76/ardoq":{"provider":{"version":0,"block":{"attributes":{"apikey":{"type":"string","description":"API key. Can be specified with the `ARDOQ_APIKEY` environment variable.","description_kind":"markdown","required":true,"sensitive":true},"baseuri":{"type":"string","description":"Base URI for the Ardoq API. For example https://mycompany.ardoq.com/api/ Can be specified with the `ARDOQ_BASEURI` environment variable.","description_kind":"markdown","required":true},"org":{"type":"string","description":"You can specify an organization for your API requests. Can be specified with the `ARDOQ_ORG` environment variable.","description_kind":"markdown","optional":true}},"description_kind":"plain"}},"resource_schemas":{"ardoq_component":{"version":0,"block":{"attributes":{"description":{"type":"string","description":"Text field describing the component","description_kind":"markdown","optional":true},"fields":{"type":["map","string"],"description":"All custom fields from the model end up here","description_kind":"markdown","optional":true},"id":{"type":"string","description":"The unique ID of the component","description_kind":"markdown","computed":true},"name":{"type":"string","description":"Name of the component","description_kind":"markdown","required":true},"parent":{"type":"string","description":"Id of the component's parent","description_kind":"markdown","optional":true,"computed":true},"root_workspace":{"type":"string","description":"Id of the workspace the component belongs to","description_kind":"markdown","required":true},"type_id":{"type":"string","description":"Id of the component's type","description_kind":"markdown","optional":true,"computed":true}},"description":"`ardoq_component` resource lets you create a component","description_kind":"markdown"}},"ardoq_reference":{"version":0,"block":{"attributes":{"description":{"type":"string","description":"Text field describing the reference","description_kind":"markdown","optional":true},"display_text":{"type":"string","description":"Short label describing the reference, is visible in some visualizations","description_kind":"markdown","optional":true},"fields":{"type":["map","string"],"description":"All custom fields from the model end up here","description_kind":"markdown","optional":true},"id":{"type":"string","description":"The unique ID of the reference","description_kind":"markdown","computed":true},"root_workspace":{"type":"string","description":"Id of the source component's workspace","description_kind":"markdown","required":true},"source":{"type":"string","description":"Id of the source component","description_kind":"markdown","required":true},"target":{"type":"string","description":"Id of the target component","description_kind":"markdown","required":true},"target_workspace":{"type":"string","description":"Id of the target component's workspace","description_kind":"markdown","required":true},"type":{"type":"number","description":"Type (as defined by the model) i.e. Synchronous, Implicit etc.","description_kind":"markdown","required":true}},"description":"`ardoq_reference` resource lets you create a reference","description_kind":"markdown"}}},"data_source_schemas":{"ardoq_component":{"version":0,"block":{"attributes":{"description":{"type":"string","description":"Text field describing the component","description_kind":"markdown","computed":true},"fields":{"type":["map","string"],"description":"All custom fields from the model end up here","description_kind":"markdown","computed":true},"id":{"type":"string","description":"The unique ID of the component","description_kind":"markdown","computed":true},"name":{"type":"string","description":"Name of the component","description_kind":"markdown","required":true},"parent":{"type":"string","description":"Id of the component's parent","description_kind":"markdown","computed":true},"root_workspace":{"type":"string","description":"Id of the workspace the component belongs to","description_kind":"markdown","required":true},"type_id":{"type":"string","description":"Id of the component's type","description_kind":"markdown","computed":true}},"description":"`ardoq_component` data source can be used to retrieve information for a component by name and workspace.","description_kind":"markdown"}},"ardoq_components":{"version":0,"block":{"attributes":{"components":{"type":["list",["object",{"description":"string","fields":["map","string"],"id":"string","name":"string","parent":"string","root_workspace":"string","type_id":"string"}]],"description_kind":"plain","computed":true},"id":{"type":"string","description_kind":"plain","optional":true,"computed":true},"root_workspace":{"type":"string","description":"Id of the workspace where to retrieve components from","description_kind":"markdown","required":true}},"description":"`ardoq_components` data source can be used to retrieve all components from a specific workspace.","description_kind":"markdown"}},"ardoq_field":{"version":0,"block":{"attributes":{"component_type":{"type":["list","string"],"description":"An array of component types and their id's","description_kind":"markdown","computed":true},"created":{"type":"string","description":"Created","description_kind":"markdown","computed":true},"created_by":{"type":"string","description":"Created by","description_kind":"markdown","computed":true},"created_by_email":{"type":"string","description":"Created by email","description_kind":"markdown","computed":true},"created_by_name":{"type":"string","description":"Created by name","description_kind":"markdown","computed":true},"default_value":{"type":"string","description":"Default value","description_kind":"markdown","computed":true},"description":{"type":"string","description":"Text field describing the field","description_kind":"markdown","computed":true},"fields":{"type":["map","string"],"description":"All custom fields from the field end up here","description_kind":"markdown","computed":true},"global":{"type":"bool","description":"Global","description_kind":"markdown","computed":true},"global_ref":{"type":"bool","description":"Global ref","description_kind":"markdown","computed":true},"id":{"type":"string","description":"The unique ID of the field","description_kind":"markdown","required":true},"label":{"type":"string","description":"Label","description_kind":"markdown","computed":true},"last_modified_by":{"type":"string","description":"Last modified by","description_kind":"markdown","computed":true},"last_modified_by_email":{"type":"string","description":"Last modified by email","description_kind":"markdown","computed":true},"last_modified_by_name":{"type":"string","description":"Last modified by name","description_kind":"markdown","computed":true},"last_updated":{"type":"string","description":"Last Updated","description_kind":"markdown","computed":true},"name":{"type":"string","description":"Name of the field","description_kind":"markdown","computed":true},"order":{"type":"number","description":"Order","description_kind":"markdown","computed":true},"reference_type":{"type":["list","string"],"description":"An array of reference types","description_kind":"markdown","computed":true},"type":{"type":"string","description":"Type of the field","description_kind":"markdown","computed":true},"version":{"type":"number","description":"Version of the field","description_kind":"markdown","computed":true}},"description":"`ardoq_field` returns a field","description_kind":"markdown"}},"ardoq_fields":{"version":0,"block":{"attributes":{"fields":{"type":["list",["object",{"component_type":["list","string"],"created":"string","created_by":"string","created_by_email":"string","created_by_name":"string","default_value":"string","description":"string","fields":["map","string"],"global":"bool","global_ref":"bool","id":"string","label":"string","last_modified_by":"string","last_modified_by_email":"string","last_modified_by_name":"string","last_updated":"string","name":"string","order":"number","reference_type":["list","string"],"type":"string","version":"number"}]],"description_kind":"plain","computed":true},"id":{"type":"string","description_kind":"plain","optional":true,"computed":true}},"description":"`ardoq_fields` returns all fields","description_kind":"markdown"}},"ardoq_model":{"version":0,"block":{"attributes":{"component_types":{"type":["map","string"],"description":"An array of component types and their id's","description_kind":"markdown","computed":true},"description":{"type":"string","description":"Text field describing the model,","description_kind":"markdown","computed":true},"fields":{"type":["map","string"],"description":"All custom fields from the model end up here","description_kind":"markdown","computed":true},"id":{"type":"string","description":"The unique ID of the model","description_kind":"markdown","required":true},"name":{"type":"string","description":"Name of the model","description_kind":"markdown","computed":true},"reference_types":{"type":["map","string"],"description":"An array of reference types and their id's","description_kind":"markdown","computed":true}},"description":"`ardoq_model` returns a model","description_kind":"markdown"}},"ardoq_models":{"version":0,"block":{"attributes":{"id":{"type":"string","description_kind":"plain","optional":true,"computed":true},"models":{"type":["list",["object",{"component_types":["map","string"],"description":"string","fields":["map","string"],"id":"string","name":"string","reference_types":["map","string"]}]],"description_kind":"plain","computed":true}},"description":"`ardoq_models` returns all models","description_kind":"markdown"}},"ardoq_reference":{"version":0,"block":{"attributes":{"description":{"type":"string","description":"Text field describing the reference","description_kind":"markdown","computed":true},"display_text":{"type":"string","description":"Short label describing the reference, is visible in some visualizations","description_kind":"markdown","computed":true},"fields":{"type":["map","string"],"description":"All custom fields from the model end up here","description_kind":"markdown","computed":true},"id":{"type":"string","description":"The unique ID of the reference","description_kind":"markdown","required":true},"root_workspace":{"type":"string","description":"Id of the source component's workspace","description_kind":"markdown","computed":true},"source":{"type":"string","description":"Id of the source component","description_kind":"markdown","computed":true},"target":{"type":"string","description":"Id of the target component","description_kind":"markdown","computed":true},"target_workspace":{"type":"string","description":"Id of the target component's workspace","description_kind":"markdown","computed":true},"type":{"type":"number","description":"Type (as defined by the model) i.e. Synchronous, Implicit etc.","description_kind":"markdown","computed":true}},"description":"`arodq_reference` returns a reference","description_kind":"markdown"}},"ardoq_references":{"version":0,"block":{"attributes":{"id":{"type":"string","description_kind":"plain","optional":true,"computed":true},"references":{"type":["list",["object",{"description":"string","display_text":"string","fields":["map","string"],"id":"string","root_workspace":"string","source":"string","target":"string","target_workspace":"string","type":"number"}]],"description":"References describe relationship between components. References can have types (defined by the model) to represent different kinds of relationship i.e. Synchronized or Asynchroinzed.","description_kind":"markdown","computed":true}},"description":"`arodq_references` returns all references","description_kind":"markdown"}},"ardoq_workspace":{"version":0,"block":{"attributes":{"component_counter":{"type":"number","description":"Number of components in the workspace","description_kind":"markdown","computed":true},"component_model":{"type":"string","description":"Id of the model the workspace is based on","description_kind":"markdown","computed":true},"component_template":{"type":"string","description":"Id of the template the workspace is based on","description_kind":"markdown","computed":true},"description":{"type":"string","description":"Text field describing the workspace","description_kind":"markdown","computed":true},"fields":{"type":["map","string"],"description":"All custom fields from the model end up here","description_kind":"markdown","computed":true},"id":{"type":"string","description":"The unique ID of the workspace","description_kind":"markdown","computed":true},"name":{"type":"string","description":"Name of workspace","description_kind":"markdown","required":true}},"description":"`arodq_workspace` data source returns a workspace","description_kind":"markdown"}},"ardoq_workspaces":{"version":0,"block":{"attributes":{"id":{"type":"string","description_kind":"plain","optional":true,"computed":true},"workspaces":{"type":["list",["object",{"component_counter":"number","component_model":"string","component_template":"string","description":"string","fields":["map","string"],"id":"string","name":"string"}]],"description":"Ardoq groups documentation into workspaces. A workspace contains all the resources that Ardoq needs to render the textual and visual documentation.","description_kind":"markdown","computed":true}},"description":"`arodq_workspaces` data source returns all workspaces","description_kind":"markdown"}}}}}}
