{"format_version":"0.2","provider_schemas":{"registry.terraform.io/mrcrilly/awx":{"provider":{"version":0,"block":{"attributes":{"hostname":{"type":"string","description_kind":"plain","optional":true},"password":{"type":"string","description_kind":"plain","optional":true,"sensitive":true},"username":{"type":"string","description_kind":"plain","optional":true}},"description_kind":"plain"}},"resource_schemas":{"awx_credential_azure_key_vault":{"version":0,"block":{"attributes":{"client":{"type":"string","description_kind":"plain","required":true},"description":{"type":"string","description_kind":"plain","optional":true},"id":{"type":"string","description_kind":"plain","optional":true,"computed":true},"name":{"type":"string","description_kind":"plain","required":true},"organisation_id":{"type":"number","description_kind":"plain","required":true},"secret":{"type":"string","description_kind":"plain","required":true,"sensitive":true},"tenant":{"type":"string","description_kind":"plain","required":true},"url":{"type":"string","description_kind":"plain","required":true}},"description_kind":"plain"}},"awx_credential_input_source":{"version":0,"block":{"attributes":{"description":{"type":"string","description_kind":"plain","optional":true},"id":{"type":"string","description_kind":"plain","optional":true,"computed":true},"input_field_name":{"type":"string","description_kind":"plain","required":true},"metadata":{"type":["map","string"],"description_kind":"plain","optional":true},"source":{"type":"number","description_kind":"plain","required":true},"target":{"type":"number","description_kind":"plain","required":true}},"description_kind":"plain"}},"awx_credential_machine":{"version":0,"block":{"attributes":{"become_method":{"type":"string","description_kind":"plain","optional":true},"become_password":{"type":"string","description_kind":"plain","optional":true,"sensitive":true},"become_username":{"type":"string","description_kind":"plain","optional":true},"description":{"type":"string","description_kind":"plain","optional":true},"id":{"type":"string","description_kind":"plain","optional":true,"computed":true},"name":{"type":"string","description_kind":"plain","required":true},"organisation_id":{"type":"number","description_kind":"plain","required":true},"password":{"type":"string","description_kind":"plain","optional":true,"sensitive":true},"ssh_key_data":{"type":"string","description_kind":"plain","optional":true,"sensitive":true},"ssh_key_unlock":{"type":"string","description_kind":"plain","optional":true,"sensitive":true},"ssh_public_key_data":{"type":"string","description_kind":"plain","optional":true},"username":{"type":"string","description_kind":"plain","optional":true}},"description_kind":"plain"}}},"data_source_schemas":{"awx_credential":{"version":0,"block":{"attributes":{"id":{"type":"number","description_kind":"plain","required":true},"kind":{"type":"string","description_kind":"plain","computed":true},"username":{"type":"string","description_kind":"plain","computed":true}},"description_kind":"plain"}},"awx_credential_azure_key_vault":{"version":0,"block":{"attributes":{"client":{"type":"string","description_kind":"plain","computed":true},"credential_id":{"type":"number","description_kind":"plain","required":true},"description":{"type":"string","description_kind":"plain","computed":true},"id":{"type":"string","description_kind":"plain","optional":true,"computed":true},"name":{"type":"string","description_kind":"plain","computed":true},"organisation_id":{"type":"number","description_kind":"plain","computed":true},"secret":{"type":"string","description_kind":"plain","computed":true,"sensitive":true},"tenant":{"type":"string","description_kind":"plain","computed":true},"url":{"type":"string","description_kind":"plain","computed":true}},"description_kind":"plain"}},"awx_credentials":{"version":0,"block":{"attributes":{"credentials":{"type":["list",["object",{"id":"number","kind":"string","username":"string"}]],"description_kind":"plain","computed":true},"id":{"type":"string","description_kind":"plain","optional":true,"computed":true}},"description_kind":"plain"}}}}}}
