{"format_version":"0.2","provider_schemas":{"registry.terraform.io/mulesoft-anypoint/anypoint":{"provider":{"version":0,"block":{"attributes":{"client_id":{"type":"string","description":"the connected app's id","description_kind":"plain","optional":true,"sensitive":true},"client_secret":{"type":"string","description":"the connected app's secret","description_kind":"plain","optional":true,"sensitive":true},"cplane":{"type":"string","description":"the user's password","description_kind":"plain","optional":true},"password":{"type":"string","description":"the user's password","description_kind":"plain","optional":true,"sensitive":true},"username":{"type":"string","description":"the user's username","description_kind":"plain","optional":true,"sensitive":true}},"description_kind":"plain"}},"resource_schemas":{"anypoint_bg":{"version":0,"block":{"attributes":{"clientid":{"type":"string","description_kind":"plain","computed":true},"createdat":{"type":"string","description_kind":"plain","computed":true},"domain":{"type":"string","description_kind":"plain","computed":true},"entitlements_anggovernance_level":{"type":"number","description_kind":"plain","optional":true},"entitlements_anypointsecurityedgepolicies_enabled":{"type":"bool","description_kind":"plain","optional":true},"entitlements_anypointsecuritytokenization_enabled":{"type":"bool","description_kind":"plain","optional":true},"entitlements_apicommunitymanager_enabled":{"type":"bool","description_kind":"plain","optional":true},"entitlements_apimonitoring_schedules":{"type":"number","description_kind":"plain","optional":true},"entitlements_apiquery_enabled":{"type":"bool","description_kind":"plain","optional":true},"entitlements_apiquery_productsku":{"type":"number","description_kind":"plain","optional":true},"entitlements_apiqueryc360_enabled":{"type":"bool","description_kind":"plain","optional":true},"entitlements_apis_enabled":{"type":"bool","description_kind":"plain","optional":true},"entitlements_appviz":{"type":"bool","description_kind":"plain","optional":true},"entitlements_armalerts":{"type":"bool","description_kind":"plain","optional":true},"entitlements_autoscaling":{"type":"bool","description_kind":"plain","optional":true},"entitlements_cam_enabled":{"type":"bool","description_kind":"plain","optional":true},"entitlements_createenvironments":{"type":"bool","description_kind":"plain","optional":true},"entitlements_createsuborgs":{"type":"bool","description_kind":"plain","optional":true},"entitlements_crowd_environments":{"type":"bool","description_kind":"plain","optional":true},"entitlements_crowd_hideapimanagerdesigner":{"type":"bool","description_kind":"plain","optional":true},"entitlements_crowd_hideformerapiplatform":{"type":"bool","description_kind":"plain","optional":true},"entitlements_crowdselfservicemigration_enabled":{"type":"bool","description_kind":"plain","optional":true},"entitlements_designcenter_api":{"type":"bool","description_kind":"plain","optional":true},"entitlements_designcenter_mozart":{"type":"bool","description_kind":"plain","optional":true},"entitlements_exchange2_enabled":{"type":"bool","description_kind":"plain","optional":true},"entitlements_externalidentity":{"type":"bool","description_kind":"plain","optional":true},"entitlements_gateways_assigned":{"type":"number","description_kind":"plain","optional":true},"entitlements_globaldeployment":{"type":"bool","description_kind":"plain","optional":true},"entitlements_hybrid_enabled":{"type":"bool","description_kind":"plain","computed":true},"entitlements_hybridautodiscoverproperties":{"type":"bool","description_kind":"plain","computed":true},"entitlements_hybridinsight":{"type":"bool","description_kind":"plain","computed":true},"entitlements_kpidashboard_enabled":{"type":"bool","description_kind":"plain","optional":true},"entitlements_loadbalancer_assigned":{"type":"number","description_kind":"plain","optional":true},"entitlements_loadbalancer_reassigned":{"type":"number","description_kind":"plain","optional":true},"entitlements_messaging_assigned":{"type":"number","description_kind":"plain","optional":true},"entitlements_monitoringcenter_productsku":{"type":"number","description_kind":"plain","optional":true},"entitlements_mqadvancedfeatures_enabled":{"type":"bool","description_kind":"plain","optional":true},"entitlements_mqmessages_addon":{"type":"number","description_kind":"plain","optional":true},"entitlements_mqmessages_base":{"type":"number","description_kind":"plain","optional":true},"entitlements_mqrequests_addon":{"type":"number","description_kind":"plain","optional":true},"entitlements_mqrequests_base":{"type":"number","description_kind":"plain","optional":true},"entitlements_objectstorekeys_addon":{"type":"number","description_kind":"plain","optional":true},"entitlements_objectstorekeys_base":{"type":"number","description_kind":"plain","optional":true},"entitlements_objectstorerequestunits_addon":{"type":"number","description_kind":"plain","optional":true},"entitlements_objectstorerequestunits_base":{"type":"number","description_kind":"plain","optional":true},"entitlements_partnersproduction_assigned":{"type":"number","description_kind":"plain","optional":true},"entitlements_partnerssandbox_assigned":{"type":"number","description_kind":"plain","optional":true},"entitlements_pcf":{"type":"bool","description_kind":"plain","optional":true},"entitlements_runtimefabric":{"type":"bool","description_kind":"plain","optional":true},"entitlements_runtimefabriccloud_enabled":{"type":"bool","description_kind":"plain","optional":true},"entitlements_servicemesh_enabled":{"type":"bool","description_kind":"plain","optional":true},"entitlements_staticips_assigned":{"type":"number","description_kind":"plain","optional":true},"entitlements_staticips_reassigned":{"type":"number","description_kind":"plain","computed":true},"entitlements_tradingpartnersproduction_assigned":{"type":"number","description_kind":"plain","optional":true},"entitlements_tradingpartnerssandbox_assigned":{"type":"number","description_kind":"plain","optional":true},"entitlements_vcoresdesign_assigned":{"type":"number","description_kind":"plain","optional":true},"entitlements_vcoresdesign_reassigned":{"type":"number","description_kind":"plain","computed":true},"entitlements_vcoresproduction_assigned":{"type":"number","description_kind":"plain","optional":true},"entitlements_vcoresproduction_reassigned":{"type":"number","description_kind":"plain","computed":true},"entitlements_vcoressandbox_assigned":{"type":"number","description_kind":"plain","optional":true},"entitlements_vcoressandbox_reassigned":{"type":"number","description_kind":"plain","computed":true},"entitlements_vpcs_assigned":{"type":"number","description_kind":"plain","optional":true},"entitlements_vpcs_reassigned":{"type":"number","description_kind":"plain","computed":true},"entitlements_vpns_assigned":{"type":"number","description_kind":"plain","optional":true},"entitlements_vpns_reassigned":{"type":"number","description_kind":"plain","computed":true},"entitlements_workerclouds_assigned":{"type":"number","description_kind":"plain","optional":true},"entitlements_workerclouds_reassigned":{"type":"number","description_kind":"plain","optional":true},"entitlements_workerloggingoverride_enabled":{"type":"bool","description_kind":"plain","optional":true},"environments":{"type":["list",["object",{"clientid":"string","id":"string","isproduction":"bool","name":"string","organizationid":"string","type":"string"}]],"description_kind":"plain","computed":true},"id":{"type":"string","description_kind":"plain","computed":true},"idprovider_id":{"type":"string","description_kind":"plain","computed":true},"isautomaticadminpromotionexempt":{"type":"bool","description_kind":"plain","computed":true},"isfederated":{"type":"bool","description_kind":"plain","optional":true},"ismaster":{"type":"bool","description_kind":"plain","computed":true},"last_updated":{"type":"string","description_kind":"plain","optional":true,"computed":true},"mfarequired":{"type":"string","description_kind":"plain","computed":true},"name":{"type":"string","description_kind":"plain","required":true},"owner_createdat":{"type":"string","description_kind":"plain","optional":true},"owner_deleted":{"type":"bool","description_kind":"plain","optional":true},"owner_email":{"type":"string","description_kind":"plain","optional":true},"owner_enabled":{"type":"bool","description_kind":"plain","optional":true},"owner_firstname":{"type":"string","description_kind":"plain","optional":true},"owner_id":{"type":"string","description_kind":"plain","optional":true},"owner_idprovider_id":{"type":"string","description_kind":"plain","optional":true},"owner_lastlogin":{"type":"string","description_kind":"plain","optional":true},"owner_lastname":{"type":"string","description_kind":"plain","optional":true},"owner_mfaverificationexcluded":{"type":"bool","description_kind":"plain","optional":true},"owner_mfaverifiersconfigured":{"type":"string","description_kind":"plain","optional":true},"owner_organizationid":{"type":"string","description_kind":"plain","optional":true},"owner_phonenumber":{"type":"string","description_kind":"plain","optional":true},"owner_type":{"type":"string","description_kind":"plain","optional":true},"owner_updatedat":{"type":"string","description_kind":"plain","optional":true},"owner_username":{"type":"string","description_kind":"plain","optional":true},"ownerid":{"type":"string","description_kind":"plain","required":true},"parentorganizationid":{"type":"string","description_kind":"plain","required":true},"parentorganizationids":{"type":["list","string"],"description_kind":"plain","computed":true},"properties":{"type":"string","description_kind":"plain","computed":true},"sessiontimeout":{"type":"number","description_kind":"plain","optional":true},"suborganizationids":{"type":["list","string"],"description_kind":"plain","computed":true},"subscription_category":{"type":"string","description_kind":"plain","computed":true},"subscription_expiration":{"type":"string","description_kind":"plain","computed":true},"subscription_type":{"type":"string","description_kind":"plain","computed":true},"tenantorganizationids":{"type":["list","string"],"description_kind":"plain","computed":true},"updatedat":{"type":"string","description_kind":"plain","computed":true}},"description":"\n\t\tCreates a business group (org).\n\t\t","description_kind":"plain"}},"anypoint_env":{"version":0,"block":{"attributes":{"client_id":{"type":"string","description_kind":"plain","optional":true},"id":{"type":"string","description_kind":"plain","optional":true,"computed":true},"is_production":{"type":"bool","description_kind":"plain","optional":true},"last_updated":{"type":"string","description_kind":"plain","computed":true},"name":{"type":"string","description_kind":"plain","required":true},"org_id":{"type":"string","description_kind":"plain","required":true},"organization_id":{"type":"string","description_kind":"plain","computed":true},"type":{"type":"string","description_kind":"plain","required":true}},"description":"\n\t\tCreates an `environement` for your `org`.\n\t\t","description_kind":"plain"}},"anypoint_rolegroup":{"version":0,"block":{"attributes":{"created_at":{"type":"string","description_kind":"plain","computed":true},"description":{"type":"string","description_kind":"plain","optional":true},"editable":{"type":"bool","description_kind":"plain","computed":true},"external_names":{"type":["list","string"],"description_kind":"plain","optional":true},"id":{"type":"string","description_kind":"plain","optional":true,"computed":true},"name":{"type":"string","description_kind":"plain","required":true},"org_id":{"type":"string","description_kind":"plain","required":true},"role_group_id":{"type":"string","description_kind":"plain","computed":true},"updated_at":{"type":"string","description_kind":"plain","computed":true}},"description":"\n\t\tCreates a `rolegroup` component for your `org`.\n\t\t","description_kind":"plain","deprecated":true}},"anypoint_rolegroup_roles":{"version":0,"block":{"attributes":{"id":{"type":"string","description_kind":"plain","optional":true,"computed":true},"org_id":{"type":"string","description_kind":"plain","required":true},"role_group_id":{"type":"string","description_kind":"plain","required":true},"total":{"type":"number","description_kind":"plain","computed":true}},"block_types":{"roles":{"nesting_mode":"list","block":{"attributes":{"context_params":{"type":["map","string"],"description_kind":"plain","computed":true},"created_at":{"type":"string","description_kind":"plain","computed":true},"description":{"type":"string","description_kind":"plain","computed":true},"internal":{"type":"bool","description_kind":"plain","computed":true},"name":{"type":"string","description_kind":"plain","computed":true},"org_id":{"type":"string","description_kind":"plain","computed":true},"role_group_assignment_id":{"type":"string","description_kind":"plain","computed":true},"role_group_id":{"type":"string","description_kind":"plain","computed":true},"role_id":{"type":"string","description_kind":"plain","required":true}},"description_kind":"plain"},"min_items":1}},"description":"\n\t\tAssignes `roles` to a `rolegroup` for your `org`.\n\t\t","description_kind":"plain","deprecated":true}},"anypoint_team":{"version":0,"block":{"attributes":{"ancestor_team_ids":{"type":["list","string"],"description_kind":"plain","optional":true},"created_at":{"type":"string","description_kind":"plain","computed":true},"id":{"type":"string","description_kind":"plain","optional":true,"computed":true},"last_updated":{"type":"string","description_kind":"plain","computed":true},"org_id":{"type":"string","description_kind":"plain","required":true},"parent_team_id":{"type":"string","description_kind":"plain","required":true},"team_id":{"type":"string","description_kind":"plain","computed":true},"team_name":{"type":"string","description_kind":"plain","required":true},"team_type":{"type":"string","description_kind":"plain","optional":true},"updated_at":{"type":"string","description_kind":"plain","computed":true}},"description":"\n\t\tCreates a `team` for your `org`.\n\t\t","description_kind":"plain"}},"anypoint_team_group_mappings":{"version":0,"block":{"attributes":{"id":{"type":"string","description_kind":"plain","optional":true,"computed":true},"last_updated":{"type":"string","description_kind":"plain","optional":true,"computed":true},"org_id":{"type":"string","description_kind":"plain","required":true},"team_id":{"type":"string","description_kind":"plain","required":true},"total":{"type":"number","description":"The total number of available results","description_kind":"plain","computed":true}},"block_types":{"groupmappings":{"nesting_mode":"list","block":{"attributes":{"external_group_name":{"type":"string","description_kind":"plain","required":true},"membership_type":{"type":"string","description_kind":"plain","required":true},"provider_id":{"type":"string","description_kind":"plain","optional":true}},"description_kind":"plain"},"min_items":1}},"description":"\n\t\tTBD ","description_kind":"plain"}},"anypoint_team_member":{"version":0,"block":{"attributes":{"created_at":{"type":"string","description_kind":"plain","computed":true},"id":{"type":"string","description_kind":"plain","optional":true,"computed":true},"identity_type":{"type":"string","description_kind":"plain","computed":true},"is_assigned_via_external_groups":{"type":"bool","description_kind":"plain","computed":true},"last_updated":{"type":"string","description_kind":"plain","optional":true,"computed":true},"membership_type":{"type":"string","description_kind":"plain","optional":true},"name":{"type":"string","description_kind":"plain","computed":true},"org_id":{"type":"string","description_kind":"plain","required":true},"team_id":{"type":"string","description_kind":"plain","required":true},"updated_at":{"type":"string","description_kind":"plain","computed":true},"user_id":{"type":"string","description_kind":"plain","required":true}},"description":"\n\t\tAssignes a `user` to a `team` for your `org`.\n\t\t","description_kind":"plain"}},"anypoint_team_roles":{"version":0,"block":{"attributes":{"id":{"type":"string","description_kind":"plain","optional":true,"computed":true},"last_updated":{"type":"string","description_kind":"plain","optional":true,"computed":true},"org_id":{"type":"string","description_kind":"plain","required":true},"team_id":{"type":"string","description_kind":"plain","required":true},"total":{"type":"number","description":"The total number of available results","description_kind":"plain","computed":true}},"block_types":{"roles":{"nesting_mode":"list","block":{"attributes":{"context_params":{"type":["map","string"],"description_kind":"plain","required":true},"name":{"type":"string","description_kind":"plain","computed":true},"role_id":{"type":"string","description_kind":"plain","required":true}},"description_kind":"plain"},"min_items":1}},"description":"\n\t\tAttributes `roles` to your selected `team` for your `org`.\n\nDepending on the `role`, some roles are environment scoped others are business group scoped :\n* For environment scoped roles, the org id and environment id needs to be specified.\n* For business group scoped roles, only the org id is needed.\n\t\t","description_kind":"plain"}},"anypoint_user":{"version":0,"block":{"attributes":{"contributor_of_organizations":{"type":["set",["map","string"]],"description_kind":"plain","computed":true},"created_at":{"type":"string","description_kind":"plain","computed":true},"deleted":{"type":"bool","description_kind":"plain","computed":true},"email":{"type":"string","description_kind":"plain","required":true,"sensitive":true},"enabled":{"type":"bool","description_kind":"plain","computed":true},"first_name":{"type":"string","description_kind":"plain","required":true,"sensitive":true},"id":{"type":"string","description_kind":"plain","computed":true},"idprovider_id":{"type":"string","description_kind":"plain","computed":true},"is_federated":{"type":"bool","description_kind":"plain","computed":true},"last_login":{"type":"string","description_kind":"plain","computed":true},"last_name":{"type":"string","description_kind":"plain","required":true,"sensitive":true},"last_updated":{"type":"string","description_kind":"plain","optional":true,"computed":true},"member_of_organizations":{"type":["set",["map","string"]],"description_kind":"plain","computed":true},"mfa_verification_excluded":{"type":"bool","description_kind":"plain","computed":true},"mfa_verifiers_configured":{"type":"string","description_kind":"plain","computed":true},"org_id":{"type":"string","description_kind":"plain","required":true},"organization":{"type":["map","string"],"description_kind":"plain","computed":true},"organization_id":{"type":"string","description_kind":"plain","computed":true},"organization_preferences":{"type":["map","string"],"description_kind":"plain","computed":true},"password":{"type":"string","description_kind":"plain","required":true,"sensitive":true},"phone_number":{"type":"string","description_kind":"plain","required":true,"sensitive":true},"properties":{"type":"string","description_kind":"plain","computed":true},"type":{"type":"string","description_kind":"plain","computed":true},"updated_at":{"type":"string","description_kind":"plain","computed":true},"username":{"type":"string","description_kind":"plain","required":true}},"description":"\n\t\tCreates a `user` for your org. \n\n**N.B:** you can use a username only once even after it's deleted.\n\t\t","description_kind":"plain"}},"anypoint_user_rolegroup":{"version":0,"block":{"attributes":{"context_params":{"type":["map","string"],"description_kind":"plain","computed":true},"created_at":{"type":"string","description_kind":"plain","computed":true},"description":{"type":"string","description_kind":"plain","computed":true},"editable":{"type":"bool","description_kind":"plain","computed":true},"external_names":{"type":["list","string"],"description_kind":"plain","computed":true},"id":{"type":"string","description_kind":"plain","optional":true,"computed":true},"last_updated":{"type":"string","description_kind":"plain","optional":true,"computed":true},"name":{"type":"string","description_kind":"plain","computed":true},"org_id":{"type":"string","description_kind":"plain","required":true},"role_group_id":{"type":"string","description_kind":"plain","computed":true},"rolegroup_id":{"type":"string","description_kind":"plain","required":true},"updated_at":{"type":"string","description_kind":"plain","computed":true},"user_id":{"type":"string","description_kind":"plain","required":true},"user_role_group_id":{"type":"string","description_kind":"plain","computed":true}},"description":"\n\t\tAssignes a `user` to a `rolegroup`\n\t\t","description_kind":"plain","deprecated":true}},"anypoint_vpc":{"version":0,"block":{"attributes":{"associated_environments":{"type":["list","string"],"description_kind":"plain","optional":true},"cidr_block":{"type":"string","description_kind":"plain","required":true},"id":{"type":"string","description_kind":"plain","optional":true,"computed":true},"internal_dns_servers":{"type":["list","string"],"description_kind":"plain","optional":true},"internal_dns_special_domains":{"type":["list","string"],"description_kind":"plain","optional":true},"is_default":{"type":"bool","description_kind":"plain","optional":true},"last_updated":{"type":"string","description_kind":"plain","optional":true,"computed":true},"name":{"type":"string","description_kind":"plain","required":true},"org_id":{"type":"string","description_kind":"plain","required":true},"owner_id":{"type":"string","description_kind":"plain","optional":true},"region":{"type":"string","description_kind":"plain","required":true},"shared_with":{"type":["list","string"],"description_kind":"plain","optional":true}},"block_types":{"firewall_rules":{"nesting_mode":"list","block":{"attributes":{"cidr_block":{"type":"string","description_kind":"plain","required":true},"from_port":{"type":"number","description_kind":"plain","required":true},"protocol":{"type":"string","description_kind":"plain","required":true},"to_port":{"type":"number","description_kind":"plain","required":true}},"description_kind":"plain"}},"vpc_routes":{"nesting_mode":"list","block":{"attributes":{"cidr":{"type":"string","description_kind":"plain","required":true},"next_hop":{"type":"string","description_kind":"plain","required":true}},"description_kind":"plain"}}},"description":"\n\t\tCreates a `vpc`component.\n\t\t","description_kind":"plain"}}},"data_source_schemas":{"anypoint_bg":{"version":0,"block":{"attributes":{"clientid":{"type":"string","description_kind":"plain","computed":true},"createdat":{"type":"string","description_kind":"plain","computed":true},"domain":{"type":"string","description_kind":"plain","computed":true},"entitlements_anggovernance_level":{"type":"number","description_kind":"plain","computed":true},"entitlements_anypointsecurityedgepolicies_enabled":{"type":"bool","description_kind":"plain","computed":true},"entitlements_anypointsecuritytokenization_enabled":{"type":"bool","description_kind":"plain","computed":true},"entitlements_apicommunitymanager_enabled":{"type":"bool","description_kind":"plain","computed":true},"entitlements_apimonitoring_schedules":{"type":"number","description_kind":"plain","computed":true},"entitlements_apiquery_enabled":{"type":"bool","description_kind":"plain","computed":true},"entitlements_apiquery_productsku":{"type":"number","description_kind":"plain","computed":true},"entitlements_apiqueryc360_enabled":{"type":"bool","description_kind":"plain","computed":true},"entitlements_apis_enabled":{"type":"bool","description_kind":"plain","computed":true},"entitlements_appviz":{"type":"bool","description_kind":"plain","computed":true},"entitlements_armalerts":{"type":"bool","description_kind":"plain","computed":true},"entitlements_autoscaling":{"type":"bool","description_kind":"plain","computed":true},"entitlements_cam_enabled":{"type":"bool","description_kind":"plain","computed":true},"entitlements_createenvironments":{"type":"bool","description_kind":"plain","computed":true},"entitlements_createsuborgs":{"type":"bool","description_kind":"plain","computed":true},"entitlements_crowd_environments":{"type":"bool","description_kind":"plain","computed":true},"entitlements_crowd_hideapimanagerdesigner":{"type":"bool","description_kind":"plain","computed":true},"entitlements_crowd_hideformerapiplatform":{"type":"bool","description_kind":"plain","computed":true},"entitlements_crowdselfservicemigration_enabled":{"type":"bool","description_kind":"plain","computed":true},"entitlements_designcenter_api":{"type":"bool","description_kind":"plain","computed":true},"entitlements_designcenter_mozart":{"type":"bool","description_kind":"plain","computed":true},"entitlements_exchange2_enabled":{"type":"bool","description_kind":"plain","computed":true},"entitlements_externalidentity":{"type":"bool","description_kind":"plain","computed":true},"entitlements_gateways_assigned":{"type":"number","description_kind":"plain","computed":true},"entitlements_globaldeployment":{"type":"bool","description_kind":"plain","computed":true},"entitlements_hybrid_enabled":{"type":"bool","description_kind":"plain","computed":true},"entitlements_hybridautodiscoverproperties":{"type":"bool","description_kind":"plain","computed":true},"entitlements_hybridinsight":{"type":"bool","description_kind":"plain","computed":true},"entitlements_kpidashboard_enabled":{"type":"bool","description_kind":"plain","computed":true},"entitlements_loadbalancer_assigned":{"type":"number","description_kind":"plain","computed":true},"entitlements_loadbalancer_reassigned":{"type":"number","description_kind":"plain","computed":true},"entitlements_messaging_assigned":{"type":"number","description_kind":"plain","computed":true},"entitlements_monitoringcenter_productsku":{"type":"number","description_kind":"plain","computed":true},"entitlements_mqadvancedfeatures_enabled":{"type":"bool","description_kind":"plain","computed":true},"entitlements_mqmessages_addon":{"type":"number","description_kind":"plain","computed":true},"entitlements_mqmessages_base":{"type":"number","description_kind":"plain","computed":true},"entitlements_mqrequests_addon":{"type":"number","description_kind":"plain","computed":true},"entitlements_mqrequests_base":{"type":"number","description_kind":"plain","computed":true},"entitlements_objectstorekeys_addon":{"type":"number","description_kind":"plain","computed":true},"entitlements_objectstorekeys_base":{"type":"number","description_kind":"plain","computed":true},"entitlements_objectstorerequestunits_addon":{"type":"number","description_kind":"plain","computed":true},"entitlements_objectstorerequestunits_base":{"type":"number","description_kind":"plain","computed":true},"entitlements_partnersproduction_assigned":{"type":"number","description_kind":"plain","computed":true},"entitlements_partnerssandbox_assigned":{"type":"number","description_kind":"plain","computed":true},"entitlements_pcf":{"type":"bool","description_kind":"plain","computed":true},"entitlements_runtimefabric":{"type":"bool","description_kind":"plain","computed":true},"entitlements_runtimefabriccloud_enabled":{"type":"bool","description_kind":"plain","computed":true},"entitlements_servicemesh_enabled":{"type":"bool","description_kind":"plain","computed":true},"entitlements_staticips_assigned":{"type":"number","description_kind":"plain","computed":true},"entitlements_staticips_reassigned":{"type":"number","description_kind":"plain","computed":true},"entitlements_tradingpartnersproduction_assigned":{"type":"number","description_kind":"plain","computed":true},"entitlements_tradingpartnerssandbox_assigned":{"type":"number","description_kind":"plain","computed":true},"entitlements_vcoresdesign_assigned":{"type":"number","description_kind":"plain","computed":true},"entitlements_vcoresdesign_reassigned":{"type":"number","description_kind":"plain","computed":true},"entitlements_vcoresproduction_assigned":{"type":"number","description_kind":"plain","computed":true},"entitlements_vcoresproduction_reassigned":{"type":"number","description_kind":"plain","computed":true},"entitlements_vcoressandbox_assigned":{"type":"number","description_kind":"plain","computed":true},"entitlements_vcoressandbox_reassigned":{"type":"number","description_kind":"plain","computed":true},"entitlements_vpcs_assigned":{"type":"number","description_kind":"plain","computed":true},"entitlements_vpcs_reassigned":{"type":"number","description_kind":"plain","computed":true},"entitlements_vpns_assigned":{"type":"number","description_kind":"plain","computed":true},"entitlements_vpns_reassigned":{"type":"number","description_kind":"plain","computed":true},"entitlements_workerclouds_assigned":{"type":"number","description_kind":"plain","computed":true},"entitlements_workerclouds_reassigned":{"type":"number","description_kind":"plain","computed":true},"entitlements_workerloggingoverride_enabled":{"type":"bool","description_kind":"plain","computed":true},"environments":{"type":["list",["object",{"clientid":"string","id":"string","isproduction":"bool","name":"string","organizationid":"string","type":"string"}]],"description_kind":"plain","computed":true},"id":{"type":"string","description_kind":"plain","required":true},"idprovider_id":{"type":"string","description_kind":"plain","computed":true},"isautomaticadminpromotionexempt":{"type":"bool","description_kind":"plain","computed":true},"isfederated":{"type":"bool","description_kind":"plain","computed":true},"ismaster":{"type":"bool","description_kind":"plain","computed":true},"mfarequired":{"type":"string","description_kind":"plain","computed":true},"name":{"type":"string","description_kind":"plain","computed":true},"owner_createdat":{"type":"string","description_kind":"plain","computed":true},"owner_deleted":{"type":"bool","description_kind":"plain","computed":true},"owner_email":{"type":"string","description_kind":"plain","computed":true},"owner_enabled":{"type":"bool","description_kind":"plain","computed":true},"owner_firstname":{"type":"string","description_kind":"plain","computed":true},"owner_id":{"type":"string","description_kind":"plain","computed":true},"owner_idprovider_id":{"type":"string","description_kind":"plain","computed":true},"owner_lastlogin":{"type":"string","description_kind":"plain","computed":true},"owner_lastname":{"type":"string","description_kind":"plain","computed":true},"owner_mfaverificationexcluded":{"type":"bool","description_kind":"plain","computed":true},"owner_mfaverifiersconfigured":{"type":"string","description_kind":"plain","computed":true},"owner_organizationid":{"type":"string","description_kind":"plain","computed":true},"owner_phonenumber":{"type":"string","description_kind":"plain","computed":true},"owner_type":{"type":"string","description_kind":"plain","computed":true},"owner_updatedat":{"type":"string","description_kind":"plain","computed":true},"owner_username":{"type":"string","description_kind":"plain","computed":true},"ownerid":{"type":"string","description_kind":"plain","computed":true},"parentorganizationids":{"type":["list","string"],"description_kind":"plain","computed":true},"properties":{"type":"string","description_kind":"plain","computed":true},"sessiontimeout":{"type":"number","description_kind":"plain","computed":true},"suborganizationids":{"type":["list","string"],"description_kind":"plain","computed":true},"subscription_category":{"type":"string","description_kind":"plain","computed":true},"subscription_expiration":{"type":"string","description_kind":"plain","computed":true},"subscription_type":{"type":"string","description_kind":"plain","computed":true},"tenantorganizationids":{"type":["list","string"],"description_kind":"plain","computed":true},"updatedat":{"type":"string","description_kind":"plain","computed":true}},"description":"\n\t\tReads a specific `business group`.\n\t\t","description_kind":"plain"}},"anypoint_env":{"version":0,"block":{"attributes":{"client_id":{"type":"string","description_kind":"plain","computed":true},"id":{"type":"string","description_kind":"plain","required":true},"is_production":{"type":"bool","description_kind":"plain","computed":true},"name":{"type":"string","description_kind":"plain","computed":true},"org_id":{"type":"string","description_kind":"plain","required":true},"organization_id":{"type":"string","description_kind":"plain","computed":true},"type":{"type":"string","description_kind":"plain","computed":true}},"description":"\n\t\tReads all `environments` in your business group.\n\t\t","description_kind":"plain"}},"anypoint_rolegroup":{"version":0,"block":{"attributes":{"created_at":{"type":"string","description_kind":"plain","computed":true},"description":{"type":"string","description_kind":"plain","computed":true},"editable":{"type":"bool","description_kind":"plain","computed":true},"external_names":{"type":["list","string"],"description_kind":"plain","computed":true},"id":{"type":"string","description_kind":"plain","required":true},"name":{"type":"string","description_kind":"plain","computed":true},"org_id":{"type":"string","description_kind":"plain","required":true},"updated_at":{"type":"string","description_kind":"plain","computed":true}},"description":"\n\t\tReads a specific `rolegroup` in your business group.\n\t\t","description_kind":"plain","deprecated":true}},"anypoint_rolegroups":{"version":0,"block":{"attributes":{"id":{"type":"string","description_kind":"plain","optional":true,"computed":true},"org_id":{"type":"string","description_kind":"plain","required":true},"role_groups":{"type":["list",["object",{"created_at":"string","description":"string","editable":"bool","external_names":["list","string"],"name":"string","org_id":"string","role_group_id":"string","updated_at":"string","user_count":"number"}]],"description_kind":"plain","computed":true},"total":{"type":"number","description_kind":"plain","computed":true}},"description":"\n\t\tReads all `rolegroups` available in your business group.\n\t\t","description_kind":"plain","deprecated":true}},"anypoint_roles":{"version":0,"block":{"attributes":{"id":{"type":"string","description_kind":"plain","optional":true,"computed":true},"len":{"type":"number","description":"The number of loaded results","description_kind":"plain","computed":true},"roles":{"type":["list",["object",{"description":"string","internal":"bool","name":"string","namespaces":["list","string"],"org_id":"string","role_id":"string","shareable":"bool"}]],"description_kind":"plain","computed":true},"total":{"type":"number","description":"The total number of available results","description_kind":"plain","computed":true}},"block_types":{"params":{"nesting_mode":"set","block":{"attributes":{"ascending":{"type":"bool","description_kind":"plain","optional":true},"description":{"type":"string","description_kind":"plain","optional":true},"include_internal":{"type":"bool","description_kind":"plain","optional":true},"limit":{"type":"number","description_kind":"plain","optional":true},"name":{"type":"string","description_kind":"plain","optional":true},"offset":{"type":"number","description_kind":"plain","optional":true},"search":{"type":"string","description_kind":"plain","optional":true}},"description_kind":"plain"}}},"description":"\n\t\tReads all `roles` availabble.\n\t\t","description_kind":"plain"}},"anypoint_team":{"version":0,"block":{"attributes":{"ancestor_team_ids":{"type":["list","string"],"description_kind":"plain","optional":true},"created_at":{"type":"string","description_kind":"plain","computed":true},"id":{"type":"string","description_kind":"plain","computed":true},"org_id":{"type":"string","description_kind":"plain","required":true},"team_id":{"type":"string","description_kind":"plain","computed":true},"team_name":{"type":"string","description_kind":"plain","computed":true},"team_type":{"type":"string","description_kind":"plain","computed":true},"updated_at":{"type":"string","description_kind":"plain","computed":true}},"description":"\n\t\tReads a specific `team` in the business group.\n\t\t","description_kind":"plain"}},"anypoint_team_group_mappings":{"version":0,"block":{"attributes":{"id":{"type":"string","description_kind":"plain","optional":true,"computed":true},"org_id":{"type":"string","description_kind":"plain","required":true},"team_id":{"type":"string","description_kind":"plain","required":true},"teamgroupmappings":{"type":["list",["object",{"external_group_name":"string","membership_type":"string","provider_id":"string"}]],"description_kind":"plain","computed":true},"total":{"type":"number","description":"The total number of available results","description_kind":"plain","computed":true}},"block_types":{"params":{"nesting_mode":"set","block":{"attributes":{"limit":{"type":"number","description_kind":"plain","optional":true},"offset":{"type":"number","description_kind":"plain","optional":true}},"description_kind":"plain"}}},"description":"\n\t\tReads all `groupmappings` in the team.\n\t\t","description_kind":"plain"}},"anypoint_team_members":{"version":0,"block":{"attributes":{"id":{"type":"string","description_kind":"plain","optional":true,"computed":true},"org_id":{"type":"string","description_kind":"plain","required":true},"team_id":{"type":"string","description_kind":"plain","required":true},"teammembers":{"type":["list",["object",{"created_at":"string","id":"string","identity_type":"string","is_assigned_via_external_groups":"bool","membership_type":"string","name":"string","updated_at":"string"}]],"description_kind":"plain","computed":true},"total":{"type":"number","description":"The total number of available results","description_kind":"plain","computed":true}},"block_types":{"params":{"nesting_mode":"set","block":{"attributes":{"ascending":{"type":"bool","description_kind":"plain","optional":true},"identity_type":{"type":"string","description_kind":"plain","optional":true},"limit":{"type":"number","description_kind":"plain","optional":true},"member_ids":{"type":["list","string"],"description_kind":"plain","optional":true},"membership_type":{"type":"string","description_kind":"plain","optional":true},"offset":{"type":"number","description_kind":"plain","optional":true},"search":{"type":"string","description_kind":"plain","optional":true},"sort":{"type":"string","description_kind":"plain","optional":true}},"description_kind":"plain"}}},"description":"\n\t\tReads all `team` roles in the business group.\n\t\t","description_kind":"plain"}},"anypoint_team_roles":{"version":0,"block":{"attributes":{"id":{"type":"string","description_kind":"plain","optional":true,"computed":true},"len":{"type":"number","description":"The number of loaded results","description_kind":"plain","computed":true},"org_id":{"type":"string","description_kind":"plain","required":true},"roles":{"type":["list",["object",{"context_params":["map","string"],"name":"string","role_id":"string"}]],"description_kind":"plain","computed":true},"team_id":{"type":"string","description_kind":"plain","required":true},"total":{"type":"number","description":"The total number of available results","description_kind":"plain","computed":true}},"block_types":{"params":{"nesting_mode":"set","block":{"attributes":{"limit":{"type":"number","description_kind":"plain","optional":true},"offset":{"type":"number","description_kind":"plain","optional":true},"role_id":{"type":"string","description_kind":"plain","optional":true},"search":{"type":"string","description_kind":"plain","optional":true}},"description_kind":"plain"}}},"description":"\n\t\tReads all `team` roles in the business group.\n\t\t","description_kind":"plain"}},"anypoint_teams":{"version":0,"block":{"attributes":{"id":{"type":"string","description_kind":"plain","optional":true,"computed":true},"len":{"type":"number","description":"The number of loaded results","description_kind":"plain","computed":true},"org_id":{"type":"string","description_kind":"plain","required":true},"teams":{"type":["list",["object",{"ancestor_team_ids":["list","string"],"created_at":"string","org_id":"string","team_id":"string","team_name":"string","team_type":"string","updated_at":"string"}]],"description_kind":"plain","computed":true},"total":{"type":"number","description":"The total number of available results","description_kind":"plain","computed":true}},"block_types":{"params":{"nesting_mode":"set","block":{"attributes":{"ancestor_team_id":{"type":["list","string"],"description_kind":"plain","optional":true},"ascending":{"type":"bool","description_kind":"plain","optional":true},"limit":{"type":"number","description_kind":"plain","optional":true},"offset":{"type":"number","description_kind":"plain","optional":true},"parent_team_id":{"type":["list","string"],"description_kind":"plain","optional":true},"search":{"type":"string","description_kind":"plain","optional":true},"sort":{"type":"string","description_kind":"plain","optional":true},"team_id":{"type":"string","description_kind":"plain","optional":true},"team_type":{"type":"string","description_kind":"plain","optional":true}},"description_kind":"plain"}}},"description":"\n\t\tReads all `teams` available in the business group.\n\t\t","description_kind":"plain"}},"anypoint_user":{"version":0,"block":{"attributes":{"contributor_of_organizations":{"type":["set",["map","string"]],"description_kind":"plain","computed":true},"created_at":{"type":"string","description_kind":"plain","computed":true},"deleted":{"type":"bool","description_kind":"plain","computed":true},"email":{"type":"string","description_kind":"plain","computed":true},"enabled":{"type":"bool","description_kind":"plain","computed":true},"first_name":{"type":"string","description_kind":"plain","computed":true},"id":{"type":"string","description_kind":"plain","required":true},"idprovider_id":{"type":"string","description_kind":"plain","computed":true},"is_federated":{"type":"bool","description_kind":"plain","computed":true},"last_login":{"type":"string","description_kind":"plain","computed":true},"last_name":{"type":"string","description_kind":"plain","computed":true},"member_of_organizations":{"type":["set",["map","string"]],"description_kind":"plain","computed":true},"mfa_verification_excluded":{"type":"bool","description_kind":"plain","computed":true},"mfa_verifiers_configured":{"type":"string","description_kind":"plain","computed":true},"org_id":{"type":"string","description_kind":"plain","required":true},"organization":{"type":["map","string"],"description_kind":"plain","computed":true},"organization_id":{"type":"string","description_kind":"plain","computed":true},"organization_preferences":{"type":["map","string"],"description_kind":"plain","computed":true},"phone_number":{"type":"string","description_kind":"plain","computed":true},"properties":{"type":"string","description_kind":"plain","computed":true},"type":{"type":"string","description_kind":"plain","computed":true},"updated_at":{"type":"string","description_kind":"plain","computed":true},"username":{"type":"string","description_kind":"plain","computed":true}},"description":"\n\t\tReads a specific `user` in the business group.\n\t\t","description_kind":"plain"}},"anypoint_user_rolegroup":{"version":0,"block":{"attributes":{"context_params":{"type":["map","string"],"description_kind":"plain","computed":true},"created_at":{"type":"string","description_kind":"plain","computed":true},"description":{"type":"string","description_kind":"plain","computed":true},"editable":{"type":"bool","description_kind":"plain","computed":true},"external_names":{"type":["list","string"],"description_kind":"plain","computed":true},"id":{"type":"string","description_kind":"plain","optional":true,"computed":true},"name":{"type":"string","description_kind":"plain","computed":true},"org_id":{"type":"string","description_kind":"plain","required":true},"role_group_id":{"type":"string","description_kind":"plain","computed":true},"rolegroup_id":{"type":"string","description_kind":"plain","required":true},"updated_at":{"type":"string","description_kind":"plain","computed":true},"user_id":{"type":"string","description_kind":"plain","required":true},"user_role_group_id":{"type":"string","description_kind":"plain","computed":true}},"description":"\n\t\tReads the `user` related `rolegroup` in the business group.\n\t\t","description_kind":"plain","deprecated":true}},"anypoint_user_rolegroups":{"version":0,"block":{"attributes":{"id":{"type":"string","description_kind":"plain","optional":true,"computed":true},"len":{"type":"number","description":"The number of loaded results","description_kind":"plain","computed":true},"org_id":{"type":"string","description_kind":"plain","required":true},"rolegroups":{"type":["list",["object",{"context_params":["map","string"],"created_at":"string","description":"string","editable":"bool","external_names":["list","string"],"name":"string","org_id":"string","role_group_id":"string","updated_at":"string","user_role_group_id":"string"}]],"description_kind":"plain","computed":true},"total":{"type":"number","description":"The total number of available results","description_kind":"plain","computed":true},"user_id":{"type":"string","description_kind":"plain","required":true}},"block_types":{"params":{"nesting_mode":"set","block":{"attributes":{"limit":{"type":"number","description_kind":"plain","optional":true},"offset":{"type":"number","description_kind":"plain","optional":true}},"description_kind":"plain"}}},"description":"\n\t\tReads all `user` related `rolegroups` in the business group.\n\t\t","description_kind":"plain","deprecated":true}},"anypoint_users":{"version":0,"block":{"attributes":{"id":{"type":"string","description_kind":"plain","optional":true,"computed":true},"len":{"type":"number","description":"The number of loaded results","description_kind":"plain","computed":true},"org_id":{"type":"string","description_kind":"plain","required":true},"total":{"type":"number","description":"The total number of available results","description_kind":"plain","computed":true},"users":{"type":["list",["object",{"contributor_of_organizations":["set",["map","string"]],"created_at":"string","email":"string","enabled":"bool","first_name":"string","id":"string","idprovider_id":"string","is_federated":"bool","last_login":"string","last_name":"string","member_of_organizations":["set",["map","string"]],"mfa_verification_excluded":"bool","mfa_verifiers_configured":"string","organization":["map","string"],"organization_id":"string","primary_organization":["map","string"],"type":"string","updated_at":"string","username":"string"}]],"description_kind":"plain","computed":true}},"block_types":{"params":{"nesting_mode":"set","block":{"attributes":{"limit":{"type":"number","description_kind":"plain","optional":true},"offset":{"type":"number","description_kind":"plain","optional":true},"type":{"type":"string","description_kind":"plain","optional":true}},"description_kind":"plain"}}},"description":"\n\t\tReads the `users` available in the business group.\n\t\t","description_kind":"plain"}},"anypoint_vpc":{"version":0,"block":{"attributes":{"associated_environments":{"type":["list","string"],"description_kind":"plain","computed":true},"cidr_block":{"type":"string","description_kind":"plain","computed":true},"id":{"type":"string","description_kind":"plain","required":true},"internal_dns_servers":{"type":["list","string"],"description_kind":"plain","computed":true},"internal_dns_special_domains":{"type":["list","string"],"description_kind":"plain","computed":true},"is_default":{"type":"bool","description_kind":"plain","computed":true},"name":{"type":"string","description_kind":"plain","computed":true},"org_id":{"type":"string","description_kind":"plain","required":true},"owner_id":{"type":"string","description_kind":"plain","optional":true,"computed":true},"region":{"type":"string","description_kind":"plain","computed":true},"shared_with":{"type":["list","string"],"description_kind":"plain","optional":true}},"block_types":{"firewall_rules":{"nesting_mode":"list","block":{"attributes":{"cidr_block":{"type":"string","description_kind":"plain","computed":true},"from_port":{"type":"number","description_kind":"plain","computed":true},"protocol":{"type":"string","description_kind":"plain","computed":true},"to_port":{"type":"number","description_kind":"plain","computed":true}},"description_kind":"plain"}},"vpc_routes":{"nesting_mode":"list","block":{"attributes":{"cidr":{"type":"string","description_kind":"plain","computed":true},"next_hop":{"type":"string","description_kind":"plain","computed":true}},"description_kind":"plain"}}},"description":"\n\t\tReads a specific `vpc` in the business group.\n\t\t","description_kind":"plain"}},"anypoint_vpcs":{"version":0,"block":{"attributes":{"id":{"type":"string","description_kind":"plain","optional":true,"computed":true},"org_id":{"type":"string","description_kind":"plain","required":true},"vpcs":{"type":["list",["object",{"associated_environments":["list","string"],"cidr_block":"string","firewall_rules":["list",["object",{"cidr_block":"string","from_port":"number","protocol":"string","to_port":"number"}]],"id":"string","internal_dns_servers":["list","string"],"internal_dns_special_domains":["list","string"],"is_default":"bool","name":"string","owner_id":"string","region":"string","shared_with":["list","string"],"vpc_routes":["list",["object",{"cidr":"string","next_hop":"string"}]]}]],"description_kind":"plain","computed":true}},"description":"\n\t\tReads the `vpcs` available in the business group.\n\t\t","description_kind":"plain"}}}}}}
