{"format_version":"0.2","provider_schemas":{"registry.terraform.io/mumoshu/eksctl":{"provider":{"version":0,"block":{"description_kind":"plain"}},"resource_schemas":{"eksctl_cluster":{"version":0,"block":{"attributes":{"api_version":{"type":"string","description_kind":"plain","optional":true},"drain_node_groups":{"type":["map","bool"],"description_kind":"plain","optional":true},"eksctl_bin":{"type":"string","description_kind":"plain","optional":true},"eksctl_version":{"type":"string","description_kind":"plain","optional":true},"id":{"type":"string","description_kind":"plain","optional":true,"computed":true},"kubeconfig_path":{"type":"string","description_kind":"plain","computed":true},"kubectl_bin":{"type":"string","description_kind":"plain","optional":true},"name":{"type":"string","description_kind":"plain","required":true},"output":{"type":"string","description_kind":"plain","computed":true},"profile":{"type":"string","description_kind":"plain","optional":true},"region":{"type":"string","description_kind":"plain","required":true},"revision":{"type":"number","description_kind":"plain","optional":true},"spec":{"type":"string","description_kind":"plain","required":true},"tags":{"type":["map","string"],"description_kind":"plain","optional":true},"version":{"type":"string","description_kind":"plain","optional":true},"vpc_id":{"type":"string","description_kind":"plain","optional":true}},"description_kind":"plain"}},"eksctl_cluster_deployment":{"version":0,"block":{"attributes":{"api_version":{"type":"string","description_kind":"plain","optional":true},"eksctl_bin":{"type":"string","description_kind":"plain","optional":true},"eksctl_version":{"type":"string","description_kind":"plain","optional":true},"id":{"type":"string","description_kind":"plain","optional":true,"computed":true},"kubeconfig_path":{"type":"string","description_kind":"plain","computed":true},"kubectl_bin":{"type":"string","description_kind":"plain","optional":true},"manifests":{"type":["list","string"],"description_kind":"plain","optional":true},"name":{"type":"string","description_kind":"plain","required":true},"output":{"type":"string","description_kind":"plain","computed":true},"profile":{"type":"string","description_kind":"plain","optional":true},"region":{"type":"string","description_kind":"plain","required":true},"revision":{"type":"number","description_kind":"plain","optional":true},"spec":{"type":"string","description_kind":"plain","required":true},"target_group_arns":{"type":["list","string"],"description_kind":"plain","optional":true,"computed":true},"version":{"type":"string","description_kind":"plain","optional":true},"vpc_id":{"type":"string","description_kind":"plain","optional":true}},"block_types":{"alb_attachment":{"nesting_mode":"list","block":{"attributes":{"headers":{"type":["map",["list","string"]],"description":"HttpHeaderConfig values of ALB listener rule condition \"http-header\" field.\n\nExample:\n\nheaders = {\n Cookie = \"condition=foobar\"\n}\n\nproduces:\n\n[\n  {\n      \"Field\": \"http-header\",\n      \"HttpHeaderConfig\": {\n          \"HttpHeaderName\": \"Cookie\",\n          \"Values\": [\"condition=foobar\"]\n      }\n  }\n]\n","description_kind":"plain","optional":true},"hosts":{"type":["set","string"],"description":"ALB listener rule condition values for host-header condition, e.g. hosts = [\"example.com\", \"*.example.com\"]","description_kind":"plain","optional":true},"listener_arn":{"type":"string","description_kind":"plain","required":true},"methods":{"type":["set","string"],"description":"ALB listener rule condition values for http-request-method condition, e.g. methods = [\"get\"]","description_kind":"plain","optional":true},"node_group_name":{"type":"string","description_kind":"plain","required":true},"node_port":{"type":"number","description_kind":"plain","required":true},"path_patterns":{"type":["set","string"],"description":"\nPAthPatternConfig values of ALB listener rule condition \"path-pattern\" field.\n\nExample:\n\npath_patterns = [\"/prefix/*\"]\n\nproduces:\n\n[\n  {\n      \"Field\": \"path-pattern\",\n      \"PathPatternConfig\": {\n          \"Values\": [\"/prefix/*\"]\n      }\n  }\n]\n","description_kind":"plain","optional":true},"pod_labels":{"type":["map","string"],"description_kind":"plain","optional":true},"priority":{"type":"number","description_kind":"plain","optional":true},"protocol":{"type":"string","description_kind":"plain","required":true},"querystrings":{"type":["map","string"],"description":"QueryStringConfig values of ALB listener rule condition \"query-string\" field.\n\nExample:\n\nquerystrings = {\n foo = \"bar\"\n}\n\nproduces:\n\n{\n     \"Field\": \"query-string\",\n     \"QueryStringConfig\": {\n         \"Values\": [\n           {\n               \"Key\": \"foo\",\n               \"Value\": \"bar\"\n           }\n         ]\n     }\n }\n","description_kind":"plain","optional":true},"source_ips":{"type":["set","string"],"description":"\nSourceIpConfig values of ALB listener rule condition \"source-ip\" field.\n\nExample:\n\nheaders = [\"MYIPD/CIDR\"]\n\nproduces:\n\n[\n  {\n      \"Field\": \"source-ip\",\n      \"SourceIpConfig\": {\n          \"Values\": [\"MYIP/CIDR\"]\n      }\n  }\n]\n","description_kind":"plain","optional":true},"weight":{"type":"number","description_kind":"plain","optional":true}},"block_types":{"metrics":{"nesting_mode":"list","block":{"attributes":{"address":{"type":"string","description_kind":"plain","optional":true},"interval":{"type":"string","description_kind":"plain","optional":true},"max":{"type":"number","description_kind":"plain","optional":true},"min":{"type":"number","description_kind":"plain","optional":true},"provider":{"type":"string","description_kind":"plain","required":true},"query":{"type":"string","description_kind":"plain","required":true}},"description_kind":"plain"}}},"description_kind":"plain"}},"kubernetes_resource_deletion_before_destroy":{"nesting_mode":"list","block":{"attributes":{"kind":{"type":"string","description_kind":"plain","required":true},"name":{"type":"string","description_kind":"plain","required":true},"namespace":{"type":"string","description_kind":"plain","required":true}},"description_kind":"plain"}},"metrics":{"nesting_mode":"list","block":{"attributes":{"address":{"type":"string","description_kind":"plain","optional":true},"interval":{"type":"string","description_kind":"plain","optional":true},"max":{"type":"number","description_kind":"plain","optional":true},"min":{"type":"number","description_kind":"plain","optional":true},"provider":{"type":"string","description_kind":"plain","required":true},"query":{"type":"string","description_kind":"plain","required":true}},"description_kind":"plain"}},"pods_readiness_check":{"nesting_mode":"list","block":{"attributes":{"labels":{"type":["map","string"],"description_kind":"plain","required":true},"namespace":{"type":"string","description_kind":"plain","required":true},"timeout_sec":{"type":"number","description_kind":"plain","optional":true}},"description_kind":"plain"}}},"description_kind":"plain"}},"eksctl_courier_alb":{"version":0,"block":{"attributes":{"address":{"type":"string","description_kind":"plain","optional":true},"headers":{"type":["map",["list","string"]],"description":"HttpHeaderConfig values of ALB listener rule condition \"http-header\" field.\n\nExample:\n\nheaders = {\n Cookie = \"condition=foobar\"\n}\n\nproduces:\n\n[\n  {\n      \"Field\": \"http-header\",\n      \"HttpHeaderConfig\": {\n          \"HttpHeaderName\": \"Cookie\",\n          \"Values\": [\"condition=foobar\"]\n      }\n  }\n]\n","description_kind":"plain","optional":true},"hosts":{"type":["set","string"],"description":"ALB listener rule condition values for host-header condition, e.g. hosts = [\"example.com\", \"*.example.com\"]","description_kind":"plain","optional":true},"id":{"type":"string","description_kind":"plain","optional":true,"computed":true},"listener_arn":{"type":"string","description_kind":"plain","required":true},"methods":{"type":["set","string"],"description":"ALB listener rule condition values for http-request-method condition, e.g. methods = [\"get\"]","description_kind":"plain","optional":true},"path_patterns":{"type":["set","string"],"description":"\nPAthPatternConfig values of ALB listener rule condition \"path-pattern\" field.\n\nExample:\n\npath_patterns = [\"/prefix/*\"]\n\nproduces:\n\n[\n  {\n      \"Field\": \"path-pattern\",\n      \"PathPatternConfig\": {\n          \"Values\": [\"/prefix/*\"]\n      }\n  }\n]\n","description_kind":"plain","optional":true},"priority":{"type":"number","description_kind":"plain","optional":true},"profile":{"type":"string","description_kind":"plain","optional":true},"querystrings":{"type":["map","string"],"description":"QueryStringConfig values of ALB listener rule condition \"query-string\" field.\n\nExample:\n\nquerystrings = {\n foo = \"bar\"\n}\n\nproduces:\n\n{\n     \"Field\": \"query-string\",\n     \"QueryStringConfig\": {\n         \"Values\": [\n           {\n               \"Key\": \"foo\",\n               \"Value\": \"bar\"\n           }\n         ]\n     }\n }\n","description_kind":"plain","optional":true},"region":{"type":"string","description_kind":"plain","optional":true},"source_ips":{"type":["set","string"],"description":"\nSourceIpConfig values of ALB listener rule condition \"source-ip\" field.\n\nExample:\n\nheaders = [\"MYIPD/CIDR\"]\n\nproduces:\n\n[\n  {\n      \"Field\": \"source-ip\",\n      \"SourceIpConfig\": {\n          \"Values\": [\"MYIP/CIDR\"]\n      }\n  }\n]\n","description_kind":"plain","optional":true},"step_interval":{"type":"string","description_kind":"plain","required":true},"step_weight":{"type":"number","description_kind":"plain","required":true}},"block_types":{"cloudwatch_metric":{"nesting_mode":"list","block":{"attributes":{"address":{"type":"string","description_kind":"plain","optional":true},"aws_profile":{"type":"string","description_kind":"plain","optional":true},"aws_region":{"type":"string","description_kind":"plain","optional":true},"interval":{"type":"string","description_kind":"plain","optional":true},"max":{"type":"number","description_kind":"plain","optional":true},"min":{"type":"number","description_kind":"plain","optional":true},"name":{"type":"string","description_kind":"plain","required":true},"query":{"type":"string","description_kind":"plain","required":true}},"description_kind":"plain"}},"datadog_metric":{"nesting_mode":"list","block":{"attributes":{"address":{"type":"string","description_kind":"plain","optional":true},"aws_profile":{"type":"string","description_kind":"plain","optional":true},"aws_region":{"type":"string","description_kind":"plain","optional":true},"interval":{"type":"string","description_kind":"plain","optional":true},"max":{"type":"number","description_kind":"plain","optional":true},"min":{"type":"number","description_kind":"plain","optional":true},"name":{"type":"string","description_kind":"plain","required":true},"query":{"type":"string","description_kind":"plain","required":true}},"description_kind":"plain"}},"destination":{"nesting_mode":"list","block":{"attributes":{"target_group_arn":{"type":"string","description_kind":"plain","required":true},"weight":{"type":"number","description_kind":"plain","required":true}},"description_kind":"plain"}}},"description_kind":"plain"}},"eksctl_courier_route53_record":{"version":0,"block":{"attributes":{"address":{"type":"string","description_kind":"plain","optional":true},"id":{"type":"string","description_kind":"plain","optional":true,"computed":true},"name":{"type":"string","description_kind":"plain","required":true},"profile":{"type":"string","description_kind":"plain","optional":true},"region":{"type":"string","description_kind":"plain","optional":true},"step_interval":{"type":"string","description_kind":"plain","required":true},"step_weight":{"type":"number","description_kind":"plain","required":true},"zone_id":{"type":"string","description_kind":"plain","required":true}},"block_types":{"cloudwatch_metric":{"nesting_mode":"list","block":{"attributes":{"address":{"type":"string","description_kind":"plain","optional":true},"aws_profile":{"type":"string","description_kind":"plain","optional":true},"aws_region":{"type":"string","description_kind":"plain","optional":true},"interval":{"type":"string","description_kind":"plain","optional":true},"max":{"type":"number","description_kind":"plain","optional":true},"min":{"type":"number","description_kind":"plain","optional":true},"name":{"type":"string","description_kind":"plain","required":true},"query":{"type":"string","description_kind":"plain","required":true}},"description_kind":"plain"}},"datadog_metric":{"nesting_mode":"list","block":{"attributes":{"address":{"type":"string","description_kind":"plain","optional":true},"aws_profile":{"type":"string","description_kind":"plain","optional":true},"aws_region":{"type":"string","description_kind":"plain","optional":true},"interval":{"type":"string","description_kind":"plain","optional":true},"max":{"type":"number","description_kind":"plain","optional":true},"min":{"type":"number","description_kind":"plain","optional":true},"name":{"type":"string","description_kind":"plain","required":true},"query":{"type":"string","description_kind":"plain","required":true}},"description_kind":"plain"}},"destination":{"nesting_mode":"list","block":{"attributes":{"set_identifier":{"type":"string","description_kind":"plain","required":true},"weight":{"type":"number","description_kind":"plain","required":true}},"description_kind":"plain"}}},"description_kind":"plain"}},"eksctl_iamserviceaccount":{"version":0,"block":{"attributes":{"attach_policy_arn":{"type":"string","description_kind":"plain","required":true},"cluster":{"type":"string","description_kind":"plain","required":true},"id":{"type":"string","description_kind":"plain","optional":true,"computed":true},"name":{"type":"string","description_kind":"plain","required":true},"namespace":{"type":"string","description_kind":"plain","optional":true},"output":{"type":"string","description_kind":"plain","computed":true},"override_existing_serviceaccounts":{"type":"bool","description_kind":"plain","optional":true}},"description_kind":"plain"}}}}}}
