{"format_version":"0.2","provider_schemas":{"registry.terraform.io/mvisonneau/updown":{"provider":{"version":0,"block":{"attributes":{"api_key":{"type":"string","description":"API key to use in order to authenticated against updown.io API.","description_kind":"plain","optional":true}},"description_kind":"plain"}},"resource_schemas":{"updown_check":{"version":0,"block":{"attributes":{"alias":{"type":"string","description":"Human readable name.","description_kind":"plain","optional":true},"apdex_t":{"type":"number","description":"APDEX threshold in seconds (0.125, 0.25, 0.5, 1.0 or 2.0).","description_kind":"plain","optional":true},"custom_headers":{"type":["map","string"],"description":"The HTTP headers you want in requests.","description_kind":"plain","optional":true},"disabled_locations":{"type":["set","string"],"description":"Disabled monitoring locations. It's a lsit of abbreviated location names.","description_kind":"plain","optional":true},"enabled":{"type":"bool","description":"Is the check enabled (true or false).","description_kind":"plain","optional":true},"id":{"type":"string","description_kind":"plain","optional":true,"computed":true},"mute_until":{"type":"string","description":"Mute notifications until given time, accepts a time, 'recovery' or 'forever'.","description_kind":"plain","optional":true},"period":{"type":"number","description":"Interval in seconds (15, 30, 60, 120, 300, 600, 1800 or 3600).","description_kind":"plain","optional":true},"published":{"type":"bool","description":"Shall the status page be public (true or false).","description_kind":"plain","optional":true},"string_match":{"type":"string","description":"Search for this string in the page.","description_kind":"plain","optional":true},"url":{"type":"string","description":"The URL you want to monitor.","description_kind":"plain","required":true}},"description":"`updown_check` defines a check","description_kind":"plain"}},"updown_webhook":{"version":0,"block":{"attributes":{"id":{"type":"string","description_kind":"plain","optional":true,"computed":true},"url":{"type":"string","description":"The URL of the webhook you want to trigger on updown events.","description_kind":"plain","required":true}},"description":"`updown_check` defines a webhook","description_kind":"plain"}}},"data_source_schemas":{"updown_nodes":{"version":0,"block":{"attributes":{"id":{"type":"string","description_kind":"plain","optional":true,"computed":true},"ipv4":{"type":["list","string"],"description":"Ipv4 addresses list of the nodes.","description_kind":"plain","computed":true},"ipv6":{"type":["list","string"],"description":"Ipv6 addresses list or the nodes.","description_kind":"plain","computed":true}},"description":"`updown_nodes` data source can be used to retrieve the IP addresses of their servers.","description_kind":"plain"}}}}}}
