{"format_version":"0.2","provider_schemas":{"registry.terraform.io/myra-security-gmbh/myrasec":{"provider":{"version":0,"block":{"attributes":{"api_base_url":{"type":"string","description":"API Base URL. Keep the default value. No change required.","description_kind":"plain","optional":true},"api_key":{"type":"string","description":"Your MYRA API Key","description_kind":"plain","required":true},"language":{"type":"string","description":"The API language","description_kind":"plain","optional":true},"secret":{"type":"string","description":"Your MYRA API Secret","description_kind":"plain","required":true}},"description_kind":"plain"}},"resource_schemas":{"myrasec_cache_setting":{"version":1,"block":{"attributes":{"created":{"type":"string","description":"Date of creation.","description_kind":"plain","computed":true},"enabled":{"type":"bool","description":"Define wether this cache setting is enabled or not.","description_kind":"plain","optional":true},"enforce":{"type":"bool","description":"Enforce cache TTL allows you to set the cache TTL (Cache Control: max-age) in the backend regardless of the response sent from your Origin.","description_kind":"plain","optional":true},"id":{"type":"string","description_kind":"plain","optional":true,"computed":true},"modified":{"type":"string","description":"Date of last modification.","description_kind":"plain","computed":true},"not_found_ttl":{"type":"number","description":"How long an object will be cached. Origin responses with the HTTP codes 404 will be cached.","description_kind":"plain","required":true},"path":{"type":"string","description":"Path which must match to cache response.","description_kind":"plain","required":true},"setting_id":{"type":"number","description":"ID of the cache setting.","description_kind":"plain","computed":true},"sort":{"type":"number","description":"The order in which the cache rules take action as long as the cache sorting is activated.","description_kind":"plain","optional":true},"subdomain_name":{"type":"string","description":"The Subdomain for the cache setting.","description_kind":"plain","required":true},"ttl":{"type":"number","description":"Time to live.","description_kind":"plain","required":true},"type":{"type":"string","description":"Type how path should match.","description_kind":"plain","required":true}},"block_types":{"timeouts":{"nesting_mode":"single","block":{"attributes":{"create":{"type":"string","description_kind":"plain","optional":true},"update":{"type":"string","description_kind":"plain","optional":true}},"description_kind":"plain"}}},"description_kind":"plain"}},"myrasec_dns_record":{"version":1,"block":{"attributes":{"active":{"type":"bool","description":"Define wether this subdomain should be protected by Myra or not.","description_kind":"plain","optional":true},"alternative_cname":{"type":"string","description":"The alternative CNAME that points to the record.","description_kind":"plain","optional":true},"comment":{"type":"string","description":"A comment to describe this DNS record.","description_kind":"plain","optional":true},"created":{"type":"string","description":"Date of creation.","description_kind":"plain","computed":true},"domain_name":{"type":"string","description":"The Domain for the DNS record.","description_kind":"plain","required":true},"enabled":{"type":"bool","description":"Define wether this DNS record is enabled or not.","description_kind":"plain","optional":true},"id":{"type":"string","description_kind":"plain","optional":true,"computed":true},"modified":{"type":"string","description":"Date of last modification.","description_kind":"plain","computed":true},"name":{"type":"string","description":"Subdomain name of a DNS record.","description_kind":"plain","required":true},"port":{"type":"number","description":"Port for SRV records.","description_kind":"plain","optional":true},"priority":{"type":"number","description":"Priority of MX records.","description_kind":"plain","optional":true},"record_id":{"type":"number","description":"ID of the DNS record.","description_kind":"plain","computed":true},"record_type":{"type":"string","description":"A record type to identify the type of a record. Valid types are: A, AAAA, MX, CNAME, TXT, NS, SRV and CAA.","description_kind":"plain","required":true},"ttl":{"type":"number","description":"Time to live.","description_kind":"plain","required":true},"value":{"type":"string","description":"Depends on the record type. Typically an IPv4/6 address or a domain entry.","description_kind":"plain","required":true}},"block_types":{"timeouts":{"nesting_mode":"single","block":{"attributes":{"create":{"type":"string","description_kind":"plain","optional":true},"update":{"type":"string","description_kind":"plain","optional":true}},"description_kind":"plain"}},"upstream_options":{"nesting_mode":"list","block":{"attributes":{"backup":{"type":"bool","description":"Marks the server as a backup server. It will be used when the primary servers are unavailable. Cannot be used in combination with \"Preserve client IP on the same upstream\".","description_kind":"plain","optional":true},"created":{"type":"string","description":"Date of creation.","description_kind":"plain","computed":true},"down":{"type":"bool","description":"Marks the server as unavailable.","description_kind":"plain","optional":true},"fail_timeout":{"type":"number","description":"Double usage: 1. Time period in which the max_fails must occur until the upstream is deactivated. 2. Time period the upstream is deactivated until it is reactivated. The time during which the specified number of unsuccessful attempts \"Max fails\" to communicate with the server should happen to consider the server unavailable. Also the period of time the server will be considered unavailable. Default is 10 seconds.","description_kind":"plain","optional":true},"max_fails":{"type":"number","description":"The number of unsuccessful attempts to communicate with the server that should happen in the duration set by \"Fail timeout\" to consider the server unavailable. Also the server is considered unavailable for the duration set by \"Fail timeout\". By default, the number of unsuccessful attempts is set to 1. Setting the value to zero disables the accounting of attempts. What is considered an unsuccessful attempt is defined by the \"Next upstream error handling\".","description_kind":"plain","optional":true},"modified":{"type":"string","description":"Date of last modification.","description_kind":"plain","computed":true},"upstream_id":{"type":"number","description":"ID of the upstream configuration.","description_kind":"plain","computed":true},"weight":{"type":"number","description":"Weight defines the count of requests a upstream handles before the next upstream is selected.","description_kind":"plain","optional":true}},"description_kind":"plain"}}},"description_kind":"plain"}},"myrasec_domain":{"version":1,"block":{"attributes":{"auto_update":{"type":"bool","description":"Auto update flag for the domain.","description_kind":"plain","optional":true},"created":{"type":"string","description":"Date of creation.","description_kind":"plain","computed":true},"domain_id":{"type":"number","description":"ID of the domain.","description_kind":"plain","computed":true},"id":{"type":"string","description_kind":"plain","optional":true,"computed":true},"modified":{"type":"string","description":"Date of last modification.","description_kind":"plain","computed":true},"name":{"type":"string","description":"Domain name.","description_kind":"plain","required":true},"paused":{"type":"bool","description":"Shows if Myra is paused for this domain.","description_kind":"plain","optional":true},"paused_until":{"type":"string","description":"Date until Myra will be automatically reactivated.","description_kind":"plain","optional":true}},"block_types":{"timeouts":{"nesting_mode":"single","block":{"attributes":{"create":{"type":"string","description_kind":"plain","optional":true},"update":{"type":"string","description_kind":"plain","optional":true}},"description_kind":"plain"}}},"description_kind":"plain"}},"myrasec_ip_filter":{"version":1,"block":{"attributes":{"comment":{"type":"string","description":"A comment to describe this IP filter.","description_kind":"plain","optional":true},"created":{"type":"string","description":"Date of creation.","description_kind":"plain","computed":true},"enabled":{"type":"bool","description":"Enable or disable a filter.","description_kind":"plain","optional":true},"expire_date":{"type":"string","description":"Expire date schedules the deaktivation of the filter. If none is set, the filter will be active until manual deactivation.","description_kind":"plain","optional":true},"filter_id":{"type":"number","description":"ID of the IP filter.","description_kind":"plain","computed":true},"id":{"type":"string","description_kind":"plain","optional":true,"computed":true},"modified":{"type":"string","description":"Date of last modification.","description_kind":"plain","computed":true},"subdomain_name":{"type":"string","description":"The Subdomain for the ip filter.","description_kind":"plain","required":true},"type":{"type":"string","description":"Type of the IP filter.","description_kind":"plain","required":true},"value":{"type":"string","description":"The IP you want to whitelist or blacklist. By using CIDR notation on IPv4 IPs, you are able to define whole subnets.","description_kind":"plain","required":true}},"block_types":{"timeouts":{"nesting_mode":"single","block":{"attributes":{"create":{"type":"string","description_kind":"plain","optional":true},"update":{"type":"string","description_kind":"plain","optional":true}},"description_kind":"plain"}}},"description_kind":"plain"}},"myrasec_ratelimit":{"version":1,"block":{"attributes":{"burst":{"type":"number","description":"Burst defines how many requests a client can make in excess of the specified rate.","description_kind":"plain","optional":true},"created":{"type":"string","description":"Date of creation.","description_kind":"plain","computed":true},"id":{"type":"string","description_kind":"plain","optional":true,"computed":true},"modified":{"type":"string","description":"Date of last modification.","description_kind":"plain","computed":true},"network":{"type":"string","description":"Network in CIDR notation affected by the rate limiter.","description_kind":"plain","required":true},"ratelimit_id":{"type":"number","description":"ID of the rate limit setting.","description_kind":"plain","computed":true},"subdomain_name":{"type":"string","description":"The Subdomain for the rate limit setting.","description_kind":"plain","required":true},"timeframe":{"type":"number","description":"The affected timeframe in seconds for the rate limit.","description_kind":"plain","optional":true},"type":{"type":"string","description":"Type of the rate limit setting.","description_kind":"plain","computed":true},"value":{"type":"number","description":"Maximum amount of requests for the given network.","description_kind":"plain","optional":true}},"block_types":{"timeouts":{"nesting_mode":"single","block":{"attributes":{"create":{"type":"string","description_kind":"plain","optional":true},"update":{"type":"string","description_kind":"plain","optional":true}},"description_kind":"plain"}}},"description_kind":"plain"}},"myrasec_redirect":{"version":1,"block":{"attributes":{"created":{"type":"string","description":"Date of creation.","description_kind":"plain","computed":true},"destination":{"type":"string","description":"Target where redirect should point to.","description_kind":"plain","required":true},"enabled":{"type":"bool","description":"Define wether this redirect is enabled or not.","description_kind":"plain","optional":true},"id":{"type":"string","description_kind":"plain","optional":true,"computed":true},"matching_type":{"type":"string","description":"Type to match the redirect.","description_kind":"plain","required":true},"modified":{"type":"string","description":"Date of last modification.","description_kind":"plain","computed":true},"redirect_id":{"type":"number","description":"ID of the redirect.","description_kind":"plain","computed":true},"sort":{"type":"number","description":"The ascending order for the redirect rules.","description_kind":"plain","optional":true},"source":{"type":"string","description":"Location to match against.","description_kind":"plain","required":true},"subdomain_name":{"type":"string","description":"The Subdomain for the redirect.","description_kind":"plain","required":true},"type":{"type":"string","description":"Type of redirection.","description_kind":"plain","required":true}},"block_types":{"timeouts":{"nesting_mode":"single","block":{"attributes":{"create":{"type":"string","description_kind":"plain","optional":true},"update":{"type":"string","description_kind":"plain","optional":true}},"description_kind":"plain"}}},"description_kind":"plain"}},"myrasec_settings":{"version":1,"block":{"attributes":{"access_log":{"type":"bool","description":"Activate separated access log","description_kind":"plain","optional":true},"antibot_post_flood":{"type":"bool","description":"Detection of POST floods by using a JavaScript based puzzle.","description_kind":"plain","optional":true},"antibot_post_flood_threshold":{"type":"number","description":"This parameter determines the frequency how often the puzzle has to be solved. The higher the value the less likely the puzzle needs to be solved.","description_kind":"plain","optional":true},"antibot_proof_of_work":{"type":"bool","description":"Detection of valid clients by using a JavaScript based puzzle.","description_kind":"plain","optional":true},"antibot_proof_of_work_threshold":{"type":"number","description":"This parameter determines the frequency how often the puzzle has to be solved. The higher the value the less likely the puzzle needs to be solved.","description_kind":"plain","optional":true},"balancing_method":{"type":"string","description":"Specifies with which method requests are balanced between upstream servers.","description_kind":"plain","optional":true},"block_not_whitelisted":{"type":"bool","description":"Block all IPs, which are not whitelisted.","description_kind":"plain","optional":true},"block_tor_network":{"type":"bool","description":"Block traffic from the TOR network.","description_kind":"plain","optional":true},"cache_enabled":{"type":"bool","description":"Turn caching on or off.","description_kind":"plain","optional":true},"cache_revalidate":{"type":"bool","description":"Enable stale cache item revalidation.","description_kind":"plain","optional":true},"cdn":{"type":"bool","description":"Use subdomain as Content Delivery Node (CDN).","description_kind":"plain","optional":true},"client_max_body_size":{"type":"number","description":"Sets the maximum allowed size of the client request body, specified in the “Content-Length” request header field. Maximum 100MB.","description_kind":"plain","optional":true},"diffie_hellman_exchange":{"type":"number","description":"The Diffie-Hellman key exchange parameter length.","description_kind":"plain","optional":true},"enable_origin_sni":{"type":"bool","description":"Enable or disable origin SNI.","description_kind":"plain","optional":true},"forwarded_for_replacement":{"type":"string","description":"Set your own X-Forwarded-For header.","description_kind":"plain","optional":true},"hsts":{"type":"bool","description":"HSTS Strict Transport Security (HSTS).","description_kind":"plain","optional":true},"hsts_include_subdomains":{"type":"bool","description":"HSTS includeSubDomains directive.","description_kind":"plain","optional":true},"hsts_max_age":{"type":"number","description":"HSTS max-age.","description_kind":"plain","optional":true},"hsts_preload":{"type":"bool","description":"HSTS preload directive.","description_kind":"plain","optional":true},"http_origin_port":{"type":"number","description":"Allows to set a port for communication with origin via HTTP.","description_kind":"plain","optional":true},"id":{"type":"string","description_kind":"plain","optional":true,"computed":true},"ignore_nocache":{"type":"bool","description":"If activated, no-cache headers (Cache-Control: [private|no-store|no-cache]) will be ignored.","description_kind":"plain","optional":true},"image_optimization":{"type":"bool","description":"Optimization of images.","description_kind":"plain","optional":true},"ipv6_active":{"type":"bool","description":"Allow connections via IPv6 to your systems.","description_kind":"plain","optional":true},"limit_allowed_http_method":{"type":["list","string"],"description":"Not selected HTTP methods will be blocked.","description_kind":"plain","optional":true},"limit_tls_version":{"type":["list","string"],"description":"Only selected TLS versions will be used.","description_kind":"plain","optional":true},"log_format":{"type":"string","description":"Use a different log format.","description_kind":"plain","optional":true},"monitoring_alert_threshold":{"type":"number","description":"Errors per minute that must occur until a report is sent.","description_kind":"plain","optional":true},"monitoring_contact_email":{"type":"string","description":"Email addresses, to which monitoring emails should be send. Multiple addresses are separated with a space.","description_kind":"plain","optional":true},"monitoring_send_alert":{"type":"bool","description":"Enables / disables the upstream error reporting.","description_kind":"plain","optional":true},"myra_ssl_header":{"type":"bool","description":"Activates the X-Myra-SSL Header.","description_kind":"plain","optional":true},"next_upstream":{"type":["list","string"],"description":"Specifies the error that mark the current upstream as \"down\".","description_kind":"plain","optional":true},"only_https":{"type":"bool","description":"Shall the origin server always be requested via HTTPS?","description_kind":"plain","optional":true},"origin_connection_header":{"type":"string","description":"Connection header.","description_kind":"plain","optional":true},"proxy_cache_bypass":{"type":"string","description":"Name of the cookie which forces Myra to deliver the response not from cache.","description_kind":"plain","optional":true},"proxy_cache_stale":{"type":["list","string"],"description":"Determines in which cases a stale cached response can be used when an error occurs.","description_kind":"plain","optional":true},"proxy_connect_timeout":{"type":"number","description":"Timeout for establishing a connection to the upstream server.","description_kind":"plain","optional":true},"proxy_read_timeout":{"type":"number","description":"Timeout for reading the upstream response.","description_kind":"plain","optional":true},"request_limit_block":{"type":"string","description":"Show CAPTCHA after exceeding the configured request limit.","description_kind":"plain","optional":true},"request_limit_level":{"type":"number","description":"Sets how many requests are allowed from an IP per minute.","description_kind":"plain","optional":true},"request_limit_report":{"type":"bool","description":"If activated, an email will be send containing blocked ip addresses that exceeded the configured request limit.","description_kind":"plain","optional":true},"request_limit_report_email":{"type":"string","description":"Email addresses, to which request limit emails should be send. Multiple addresses are separated with a space.","description_kind":"plain","optional":true},"rewrite":{"type":"bool","description":"Enable the JavaScript optimization.","description_kind":"plain","optional":true},"source_protocol":{"type":"string","description":"Protocol to query the origin server.","description_kind":"plain","optional":true},"spdy":{"type":"bool","description":"Activates the SPDY protocol.","description_kind":"plain","optional":true},"ssl_origin_port":{"type":"number","description":"Allows to set a port for communication with origin via SSL.","description_kind":"plain","optional":true},"subdomain_name":{"type":"string","description":"The Subdomain for the Settings.","description_kind":"plain","required":true},"waf_enable":{"type":"bool","description":"Enables / disables the Web Application Firewall.","description_kind":"plain","optional":true},"waf_levels_enable":{"type":["list","string"],"description":"Level of applied WAF rules.","description_kind":"plain","optional":true},"waf_policy":{"type":"string","description":"Default policy for the Web Application Firewall in case of rule error.","description_kind":"plain","optional":true}},"block_types":{"timeouts":{"nesting_mode":"single","block":{"attributes":{"create":{"type":"string","description_kind":"plain","optional":true},"update":{"type":"string","description_kind":"plain","optional":true}},"description_kind":"plain"}}},"description_kind":"plain"}},"myrasec_waf_rule":{"version":1,"block":{"attributes":{"created":{"type":"string","description":"Date of creation.","description_kind":"plain","computed":true},"description":{"type":"string","description":"Your notes on this rule.","description_kind":"plain","optional":true},"direction":{"type":"string","description":"Phase specifies the condition under which a rule applies. Pre-origin means before your server (request), post-origin is past your server (response).","description_kind":"plain","required":true},"enabled":{"type":"bool","description":"Define wether this rule is enabled or not.","description_kind":"plain","optional":true},"expire_date":{"type":"string","description":"Expire date schedules the deaktivation of the WAF rule. If none is set, the rule will be active until manual deactivation.","description_kind":"plain","optional":true},"id":{"type":"string","description_kind":"plain","optional":true,"computed":true},"log_identifier":{"type":"string","description":"A comment to identify the matching rule in the access log.","description_kind":"plain","optional":true},"modified":{"type":"string","description":"Date of last modification.","description_kind":"plain","computed":true},"name":{"type":"string","description":"The rule name identifies each rule.","description_kind":"plain","required":true},"process_next":{"type":"bool","description":"After a rule has been applied, the rule chain will be executed as determined.","description_kind":"plain","optional":true},"rule_id":{"type":"number","description":"ID of the WAF rule.","description_kind":"plain","computed":true},"rule_type":{"type":"string","description":"Type of the rule.","description_kind":"plain","computed":true},"sort":{"type":"number","description":"The order in which the rules take action.","description_kind":"plain","optional":true},"subdomain_name":{"type":"string","description":"The Subdomain for the WAF rule.","description_kind":"plain","required":true},"sync":{"type":"bool","description_kind":"plain","optional":true},"template":{"type":"bool","description_kind":"plain","optional":true}},"block_types":{"actions":{"nesting_mode":"list","block":{"attributes":{"action_id":{"type":"number","description":"ID of the WAF rule.","description_kind":"plain","computed":true},"available_phases":{"type":"number","description_kind":"plain","optional":true},"created":{"type":"string","description":"Date of creation.","description_kind":"plain","computed":true},"custom_key":{"type":"string","description_kind":"plain","optional":true},"force_custom_values":{"type":"bool","description_kind":"plain","optional":true},"modified":{"type":"string","description":"Date of last modification.","description_kind":"plain","computed":true},"name":{"type":"string","description_kind":"plain","optional":true},"type":{"type":"string","description_kind":"plain","optional":true},"value":{"type":"string","description_kind":"plain","optional":true}},"description_kind":"plain"}},"conditions":{"nesting_mode":"list","block":{"attributes":{"alias":{"type":"string","description_kind":"plain","optional":true},"available_phases":{"type":"number","description_kind":"plain","computed":true},"category":{"type":"string","description_kind":"plain","optional":true},"condition_id":{"type":"number","description":"ID of the WAF rule condition.","description_kind":"plain","computed":true},"created":{"type":"string","description":"Date of creation.","description_kind":"plain","computed":true},"force_custom_values":{"type":"bool","description_kind":"plain","computed":true},"key":{"type":"string","description_kind":"plain","optional":true},"matching_type":{"type":"string","description_kind":"plain","optional":true},"modified":{"type":"string","description":"Date of last modification.","description_kind":"plain","computed":true},"name":{"type":"string","description_kind":"plain","optional":true},"value":{"type":"string","description_kind":"plain","optional":true}},"description_kind":"plain"},"min_items":1}},"description_kind":"plain"}}},"data_source_schemas":{"myrasec_cache_settings":{"version":0,"block":{"attributes":{"id":{"type":"string","description_kind":"plain","optional":true,"computed":true},"settings":{"type":["list",["object",{"created":"string","enabled":"bool","enforce":"bool","id":"number","modified":"string","not_found_ttl":"number","path":"string","sort":"number","ttl":"number","type":"string"}]],"description_kind":"plain","computed":true}},"block_types":{"filter":{"nesting_mode":"list","block":{"attributes":{"path":{"type":"string","description_kind":"plain","optional":true},"subdomain_name":{"type":"string","description_kind":"plain","required":true}},"description_kind":"plain"},"min_items":1,"max_items":1}},"description_kind":"plain"}},"myrasec_dns_records":{"version":0,"block":{"attributes":{"id":{"type":"string","description_kind":"plain","optional":true,"computed":true},"records":{"type":["list",["object",{"active":"bool","alternative_cname":"string","comment":"string","created":"string","enabled":"bool","id":"number","modified":"string","name":"string","port":"number","priority":"number","record_type":"string","ttl":"number","upstream_options":["list",["object",{"backup":"bool","created":"string","down":"bool","fail_timeout":"number","max_fails":"number","modified":"string","upstream_id":"number","weight":"number"}]],"value":"string"}]],"description_kind":"plain","computed":true}},"block_types":{"filter":{"nesting_mode":"list","block":{"attributes":{"domain_name":{"type":"string","description_kind":"plain","required":true},"name":{"type":"string","description_kind":"plain","optional":true}},"description_kind":"plain"},"min_items":1,"max_items":1}},"description_kind":"plain"}},"myrasec_domains":{"version":0,"block":{"attributes":{"domains":{"type":["list",["object",{"auto_update":"bool","created":"string","id":"number","modified":"string","name":"string","paused":"bool","paused_until":"string"}]],"description_kind":"plain","computed":true},"id":{"type":"string","description_kind":"plain","optional":true,"computed":true}},"block_types":{"filter":{"nesting_mode":"list","block":{"attributes":{"id":{"type":"number","description_kind":"plain","optional":true},"name":{"type":"string","description_kind":"plain","optional":true}},"description_kind":"plain"},"min_items":1,"max_items":1}},"description_kind":"plain"}},"myrasec_ratelimits":{"version":0,"block":{"attributes":{"id":{"type":"string","description_kind":"plain","optional":true,"computed":true},"ratelimits":{"type":["list",["object",{"burst":"number","created":"string","id":"number","modified":"string","network":"string","subdomain_name":"string","timeframe":"number","type":"string","value":"number"}]],"description_kind":"plain","computed":true}},"block_types":{"filter":{"nesting_mode":"list","block":{"attributes":{"search":{"type":"string","description_kind":"plain","optional":true},"subdomain_name":{"type":"string","description_kind":"plain","required":true}},"description_kind":"plain"},"min_items":1,"max_items":1}},"description_kind":"plain"}},"myrasec_redirects":{"version":0,"block":{"attributes":{"id":{"type":"string","description_kind":"plain","optional":true,"computed":true},"redirects":{"type":["list",["object",{"created":"string","destination":"string","enabled":"bool","id":"number","matching_type":"string","modified":"string","sort":"number","source":"string","subdomain_name":"string","type":"string"}]],"description_kind":"plain","computed":true}},"block_types":{"filter":{"nesting_mode":"list","block":{"attributes":{"search":{"type":"string","description_kind":"plain","optional":true},"subdomain_name":{"type":"string","description_kind":"plain","required":true}},"description_kind":"plain"},"min_items":1,"max_items":1}},"description_kind":"plain"}},"myrasec_waf_actions":{"version":0,"block":{"attributes":{"id":{"type":"string","description_kind":"plain","optional":true,"computed":true},"waf_actions":{"type":["list",["object",{"available_phases":"number","created":"string","custom_key":"string","force_custom_values":"bool","id":"number","modified":"string","name":"string","type":"string","value":"string"}]],"description_kind":"plain","computed":true}},"block_types":{"filter":{"nesting_mode":"list","block":{"attributes":{"type":{"type":"string","description_kind":"plain","optional":true}},"description_kind":"plain"},"min_items":1,"max_items":1}},"description_kind":"plain"}},"myrasec_waf_conditions":{"version":0,"block":{"attributes":{"id":{"type":"string","description_kind":"plain","optional":true,"computed":true},"waf_conditions":{"type":["list",["object",{"alias":"string","available_phases":"number","category":"string","created":"string","force_custom_values":"bool","id":"number","key":"string","matching_type":"string","modified":"string","name":"string","value":"string"}]],"description_kind":"plain","computed":true}},"block_types":{"filter":{"nesting_mode":"list","block":{"attributes":{"name":{"type":"string","description_kind":"plain","optional":true}},"description_kind":"plain"},"min_items":1,"max_items":1}},"description_kind":"plain"}}}}}}
