{"format_version":"0.2","provider_schemas":{"registry.terraform.io/nairb774/flipflop":{"provider":{"version":0,"block":{"description_kind":"plain"}},"resource_schemas":{"flipflop":{"version":0,"block":{"attributes":{"a":{"type":"string","description":"One of the prior recorded values.","description_kind":"markdown","computed":true},"b":{"type":"string","description":"One of the prior recorded values.","description_kind":"markdown","computed":true},"id":{"type":"string","description_kind":"plain","optional":true,"computed":true},"index":{"type":"number","description":"Index of the currently active value. 0==a  1==b","description_kind":"markdown","computed":true},"value":{"type":"string","description":"The current value.","description_kind":"markdown","required":true}},"description":"Resource that allows tracking prior values.","description_kind":"markdown"}}}}}}
