{"format_version":"0.2","provider_schemas":{"registry.terraform.io/namecheap-ecosystem/namecheap":{"provider":{"version":0,"block":{"attributes":{"api_token":{"type":"string","description":"Token for the API","description_kind":"plain","required":true},"api_user":{"type":"string","description":"User of the API token","description_kind":"plain","required":true},"url":{"type":"string","description":"URL of the API endpoint","description_kind":"plain","optional":true},"username":{"type":"string","description":"Name of the user","description_kind":"plain","required":true}},"description_kind":"plain"}},"resource_schemas":{"namecheap_domain":{"version":0,"block":{"attributes":{"add_free_who_isguard":{"type":"bool","description":"Adds free WhoisGuard for the domain","description_kind":"plain","optional":true,"computed":true},"id":{"type":"string","description_kind":"plain","optional":true,"computed":true},"name":{"type":"string","description":"Name of the domain","description_kind":"plain","required":true},"wg_enabled":{"type":"bool","description":"Enables free WhoisGuard for the domain","description_kind":"plain","optional":true},"years":{"type":"number","description":"Number of years to register","description_kind":"plain","optional":true}},"description_kind":"plain"}},"namecheap_domain_dns":{"version":0,"block":{"attributes":{"domain":{"type":"string","description":"Name of the domain","description_kind":"plain","required":true},"id":{"type":"string","description_kind":"plain","optional":true,"computed":true},"nameservers":{"type":["set","string"],"description":"List of custom nameservers to be associated with the domain name","description_kind":"plain","required":true}},"description_kind":"plain"}}}}}}
