{"format_version":"0.2","provider_schemas":{"registry.terraform.io/nanovms/ops":{"provider":{"version":0,"block":{"description_kind":"plain"}},"resource_schemas":{"ops_images":{"version":0,"block":{"attributes":{"config":{"type":"string","description_kind":"plain","required":true},"config_checksum":{"type":"string","description_kind":"plain","computed":true},"detect_config_checksum":{"type":"string","description_kind":"plain","optional":true},"detect_elf_checksum":{"type":"string","description_kind":"plain","optional":true},"elf":{"type":"string","description_kind":"plain","required":true},"elf_checksum":{"type":"string","description_kind":"plain","computed":true},"id":{"type":"string","description_kind":"plain","optional":true,"computed":true},"name":{"type":"string","description_kind":"plain","required":true},"path":{"type":"string","description_kind":"plain","computed":true},"targetcloud":{"type":"string","description_kind":"plain","optional":true}},"description_kind":"plain"}}}}}}
