{"format_version":"0.2","provider_schemas":{"registry.terraform.io/nazarewk/external":{"provider":{"version":0,"block":{"description_kind":"plain"}},"resource_schemas":{"external":{"version":0,"block":{"attributes":{"id":{"type":"string","description_kind":"plain","optional":true,"computed":true},"input":{"type":"string","description_kind":"plain","optional":true},"input_sensitive":{"type":"string","description_kind":"plain","optional":true,"sensitive":true},"output":{"type":"string","description_kind":"plain","computed":true},"output_sensitive":{"type":"string","description_kind":"plain","computed":true,"sensitive":true},"program_create":{"type":["list","string"],"description_kind":"plain","optional":true},"program_delete":{"type":["list","string"],"description_kind":"plain","required":true},"program_read":{"type":["list","string"],"description_kind":"plain","required":true},"program_update":{"type":["list","string"],"description_kind":"plain","required":true},"state":{"type":"string","description_kind":"plain","optional":true,"computed":true}},"description_kind":"plain"}}},"data_source_schemas":{"external":{"version":0,"block":{"attributes":{"id":{"type":"string","description_kind":"plain","optional":true,"computed":true},"program":{"type":["list","string"],"description":"A list of strings, whose first element is the program to run and whose subsequent elements are optional command line arguments to the program. Terraform does not execute the program through a shell, so it is not necessary to escape shell metacharacters nor add quotes around arguments containing spaces.","description_kind":"plain","required":true},"query":{"type":["map","string"],"description":"A map of string values to pass to the external program as the query arguments. If not supplied, the program will receive an empty object as its input.","description_kind":"plain","optional":true},"result":{"type":["map","string"],"description":"A map of string values returned from the external program.","description_kind":"plain","computed":true},"working_dir":{"type":"string","description":"Working directory of the program. If not supplied, the program will run in the current directory.","description_kind":"plain","optional":true}},"description":"The `external` data source allows an external program implementing a specific protocol (defined below) to act as a data source, exposing arbitrary data for use elsewhere in the Terraform configuration.\n\n**Warning** This mechanism is provided as an \"escape hatch\" for exceptional situations where a first-class Terraform provider is not more appropriate. Its capabilities are limited in comparison to a true data source, and implementing a data source via an external program is likely to hurt the portability of your Terraform configuration by creating dependencies on external programs and libraries that may not be available (or may need to be used differently) on different operating systems.\n\n**Warning** Terraform Enterprise does not guarantee availability of any particular language runtimes or external programs beyond standard shell utilities, so it is not recommended to use this data source within configurations that are applied within Terraform Enterprise.","description_kind":"plain"}}}}}}
