{"format_version":"0.2","provider_schemas":{"registry.terraform.io/nazarewk-iac/custom":{"provider":{"version":0,"block":{"attributes":{"input":{"type":"string","description":"Input that all scripts using this provider will take.","description_kind":"plain","optional":true}},"description_kind":"plain"}},"resource_schemas":{"custom_resource":{"version":0,"block":{"attributes":{"id":{"type":"string","description_kind":"plain","optional":true,"computed":true},"input":{"type":"string","description_kind":"plain","optional":true},"input_sensitive":{"type":"string","description_kind":"plain","optional":true,"sensitive":true},"output":{"type":"string","description_kind":"plain","computed":true},"output_sensitive":{"type":"string","description_kind":"plain","computed":true,"sensitive":true},"program_create":{"type":["list","string"],"description_kind":"plain","optional":true},"program_delete":{"type":["list","string"],"description_kind":"plain","required":true},"program_read":{"type":["list","string"],"description_kind":"plain","required":true},"program_update":{"type":["list","string"],"description_kind":"plain","required":true},"state":{"type":"string","description_kind":"plain","optional":true,"computed":true}},"description_kind":"plain"}}}}}}
