{"format_version":"0.2","provider_schemas":{"registry.terraform.io/nerimcloud/wug":{"provider":{"version":0,"block":{"attributes":{"allow_unverified_ssl":{"type":"bool","description":"If set, WUG client will permit unverifiable SSL certificates.","description_kind":"plain","optional":true},"password":{"type":"string","description":"The user password for WUG API operations.","description_kind":"plain","required":true},"url":{"type":"string","description":"The WUG endpoint for WUG API operations.","description_kind":"plain","optional":true},"user":{"type":"string","description":"The user name for WUG API operations.","description_kind":"plain","required":true}},"description_kind":"plain"}},"resource_schemas":{"wug_device":{"version":0,"block":{"attributes":{"action_policy":{"type":"string","description":"Policy how to get notified.","description_kind":"plain","optional":true},"brand":{"type":"string","description":"Brand of the device.","description_kind":"plain","optional":true},"device_type":{"type":"string","description":"Type of the device.","description_kind":"plain","optional":true},"id":{"type":"string","description_kind":"plain","optional":true,"computed":true},"name":{"type":"string","description":"Display name of the device.","description_kind":"plain","required":true},"options":{"type":"string","description":"Set of options for applying the template (either l2 or basic).","description_kind":"plain","required":true},"os":{"type":"string","description":"OS of the device.","description_kind":"plain","optional":true},"primary_role":{"type":"string","description":"Primary role of the device.","description_kind":"plain","optional":true},"snmp_oid":{"type":"string","description":"SNMP OID of the device.","description_kind":"plain","optional":true},"subroles":{"type":["list","string"],"description":"Subroles of the device.","description_kind":"plain","optional":true}},"block_types":{"active_monitor":{"nesting_mode":"set","block":{"attributes":{"argument":{"type":"string","description":"Monitor argument.","description_kind":"plain","optional":true},"comment":{"type":"string","description":"Monitor comment.","description_kind":"plain","optional":true},"critical":{"type":"bool","description":"Is monitor critical.","description_kind":"plain","optional":true},"name":{"type":"string","description":"Monitor name.","description_kind":"plain","required":true},"polling_order":{"type":"number","description":"Monitor polling order.","description_kind":"plain","optional":true}},"description":"Active monitors.","description_kind":"plain"}},"credential":{"nesting_mode":"set","block":{"attributes":{"name":{"type":"string","description":"Credential name.","description_kind":"plain","required":true},"type":{"type":"string","description":"Credential type (SNMP, Windows, etc).","description_kind":"plain","required":true}},"description":"Credentials.","description_kind":"plain"}},"groups":{"nesting_mode":"list","block":{"attributes":{"name":{"type":"string","description":"Name of the leaf group the device will be added to.","description_kind":"plain","required":true},"parents":{"type":["list","string"],"description":"List of parent nodes.","description_kind":"plain","optional":true}},"description":"List of groups that device will be added to.","description_kind":"plain"},"min_items":1},"interface":{"nesting_mode":"set","block":{"attributes":{"default":{"type":"bool","description":"Whether the interface is the default one.","description_kind":"plain","optional":true},"network_address":{"type":"string","description":"Network address of the interface.","description_kind":"plain","required":true},"network_name":{"type":"string","description":"Network name of the interface.","description_kind":"plain","required":true},"poll_using_network_name":{"type":"bool","description":"Poll using network name.","description_kind":"plain","optional":true}},"description":"Interfaces.","description_kind":"plain"},"min_items":1},"performance_monitor":{"nesting_mode":"set","block":{"attributes":{"name":{"type":"string","description":"Monitor name.","description_kind":"plain","required":true}},"description":"Performance monitors.","description_kind":"plain"}}},"description_kind":"plain"}},"wug_monitor":{"version":0,"block":{"attributes":{"device_id":{"type":"string","description":"ID of the device to assign the monitor.","description_kind":"plain","required":true},"id":{"type":"string","description_kind":"plain","optional":true,"computed":true},"monitor_type_class_id":{"type":"string","description":"ID of the monitor type class.","description_kind":"plain","optional":true},"monitor_type_id":{"type":"string","description":"ID of the monitor type.","description_kind":"plain","optional":true},"monitor_type_name":{"type":"string","description":"Name of the monitor type.","description_kind":"plain","optional":true},"type":{"type":"string","description":"Type of the monitor.","description_kind":"plain","required":true}},"block_types":{"active":{"nesting_mode":"list","block":{"attributes":{"action_policy_id":{"type":"string","description":"ID of the action policy to apply on the monitor.","description_kind":"plain","optional":true},"action_policy_name":{"type":"string","description":"Name of the action policy to apply on the monitor.","description_kind":"plain","optional":true},"argument":{"type":"string","description":"Monitor argument.","description_kind":"plain","optional":true},"comment":{"type":"string","description":"Monitor comment.","description_kind":"plain","optional":true},"critical_order":{"type":"number","description":"Critical order of the monitor.","description_kind":"plain","optional":true},"interface_id":{"type":"string","description":"Network interface ID.","description_kind":"plain","optional":true},"polling_interval_seconds":{"type":"number","description":"Polling interval of the monitor.","description_kind":"plain","optional":true}},"description":"Parameters of an active monitor.","description_kind":"plain"},"max_items":1},"performance":{"nesting_mode":"list","block":{"attributes":{"polling_interval_minutes":{"type":"number","description":"Polling interval of the monitor.","description_kind":"plain","optional":true}},"description":"Parameters of a performance monitor.","description_kind":"plain"},"max_items":1}},"description_kind":"plain"}}},"data_source_schemas":{"wug_monitor":{"version":0,"block":{"attributes":{"class_id":{"type":"string","description":"ID of the monitor type class","description_kind":"plain","computed":true},"id":{"type":"string","description_kind":"plain","optional":true,"computed":true},"monitor_name":{"type":"string","description":"Name of the monitor","description_kind":"plain","computed":true},"search":{"type":"string","description":"Name of the monitor to look for","description_kind":"plain","required":true},"type":{"type":"string","description":"Type of the device","description_kind":"plain","required":true}},"description_kind":"plain"}}}}}}
