{"format_version":"0.2","provider_schemas":{"registry.terraform.io/netascode/nxos":{"provider":{"version":0,"block":{"attributes":{"insecure":{"type":"bool","description":"Allow insecure HTTPS client. This can also be set as the NXOS_INSECURE environment variable. Defaults to `true`.","description_kind":"markdown","optional":true},"password":{"type":"string","description":"Password for the NXOS device account. This can also be set as the NXOS_PASSWORD environment variable.","description_kind":"markdown","optional":true},"retries":{"type":"number","description":"Number of retries for REST API calls. This can also be set as the NXOS_RETRIES environment variable. Defaults to `3`.","description_kind":"markdown","optional":true},"url":{"type":"string","description":"URL of the Cisco NXOS device. This can also be set as the NXOS_URL environment variable.","description_kind":"markdown","required":true},"username":{"type":"string","description":"Username for the NXOS device account. This can also be set as the NXOS_USERNAME environment variable.","description_kind":"markdown","required":true}},"description_kind":"plain"}},"resource_schemas":{"nxos_rest":{"version":0,"block":{"attributes":{"class_name":{"type":"string","description":"Which class object is being created. (Make sure there is no colon in the classname)","description_kind":"markdown","required":true},"content":{"type":["map","string"],"description":"Map of key-value pairs that need to be passed to the Model object as parameters.","description_kind":"markdown","optional":true,"computed":true},"dn":{"type":"string","description":"Distinguished name of object being managed including its relative name, e.g. sys/intf/phys-[eth1/1].","description_kind":"markdown","required":true},"id":{"type":"string","description":"The distinguished name of the object.","description_kind":"markdown","computed":true}},"description":"Manages NXOS Model Objects via REST API calls. This resource can only manage a single API object. It is able to read the state and therefore reconcile configuration drift.","description_kind":"markdown"}}},"data_source_schemas":{"nxos_rest":{"version":0,"block":{"attributes":{"class_name":{"type":"string","description":"Class name of object being retrieved.","description_kind":"markdown","computed":true},"content":{"type":["map","string"],"description":"Map of key-value pairs which represents the attributes of object being retrieved.","description_kind":"markdown","computed":true},"dn":{"type":"string","description":"Distinguished name of object to be retrieved, e.g. sys/intf/phys-[eth1/1].","description_kind":"markdown","required":true},"id":{"type":"string","description":"The distinguished name of the object.","description_kind":"markdown","computed":true}},"description":"This data source can read one NXOS object.","description_kind":"markdown"}}}}}}
