{"format_version":"0.2","provider_schemas":{"registry.terraform.io/netascode/aci":{"provider":{"version":0,"block":{"attributes":{"annotation":{"type":"bool","description":"Add `orchestrator:terraform` as annotation to all objects. This can also be set as the ACI_ANNOTATION environment variable. Defaults to `true`.","description_kind":"markdown","optional":true},"cert_name":{"type":"string","description":"Certificate name for the User in Cisco ACI. This can also be set as the ACI_CERT_NAME environment variable.","description_kind":"markdown","optional":true},"insecure":{"type":"bool","description":"Allow insecure HTTPS client. This can also be set as the ACI_INSECURE environment variable. Defaults to `true`.","description_kind":"markdown","optional":true},"mock":{"type":"bool","description":"Only mock API calls. This is mainly for troubleshooting/debugging purposes. This can also be set as the ACI_MOCK environment variable. Defaults to `false`.","description_kind":"markdown","optional":true},"password":{"type":"string","description":"Password for the APIC Account. This can also be set as the ACI_PASSWORD environment variable.","description_kind":"markdown","optional":true},"private_key":{"type":"string","description":"Private key path for signature calculation. This can also be set as the ACI_PRIVATE_KEY environment variable.","description_kind":"markdown","optional":true},"proxy_url":{"type":"string","description":"Proxy Server URL with port number. This can also be set as the ACI_PROXY_URL environment variable.","description_kind":"markdown","optional":true},"retries":{"type":"number","description":"Number of retries for REST API calls. This can also be set as the ACI_RETRIES environment variable. Defaults to `3`.","description_kind":"markdown","optional":true},"url":{"type":"string","description":"URL of the Cisco ACI web interface. This can also be set as the ACI_URL environment variable.","description_kind":"markdown","required":true},"username":{"type":"string","description":"Username for the APIC Account. This can also be set as the ACI_USERNAME environment variable.","description_kind":"markdown","required":true}},"description_kind":"plain"}},"resource_schemas":{"aci_rest":{"version":0,"block":{"attributes":{"class_name":{"type":"string","description":"Which class object is being created. (Make sure there is no colon in the classname)","description_kind":"markdown","required":true},"content":{"type":["map","string"],"description":"Map of key-value pairs those needed to be passed to the Model object as parameters. Make sure the key name matches the name with the object parameter in ACI.","description_kind":"markdown","optional":true,"computed":true},"dn":{"type":"string","description":"Distinguished name of object being managed including its relative name, e.g. uni/tn-EXAMPLE_TENANT.","description_kind":"markdown","required":true},"id":{"type":"string","description":"The distinguished name of the object.","description_kind":"markdown","computed":true}},"block_types":{"child":{"nesting_mode":"set","block":{"attributes":{"class_name":{"type":"string","description":"Class name of child object.","description_kind":"markdown","optional":true,"computed":true},"content":{"type":["map","string"],"description":"Map of key-value pairs which represents the attributes for the child object.","description_kind":"markdown","optional":true,"computed":true},"rn":{"type":"string","description":"The relative name of the child object.","description_kind":"markdown","required":true}},"description":"List of children.","description_kind":"markdown"}}},"description":"Manages ACI Model Objects via REST API calls. This resource can only manage a single API object and its direct children. It is able to read the state and therefore reconcile configuration drift.","description_kind":"markdown"}}},"data_source_schemas":{"aci_rest":{"version":0,"block":{"attributes":{"child":{"type":["set",["object",{"class_name":"string","content":["map","string"]}]],"description":"Set of children of object being retrieved.","description_kind":"markdown","computed":true},"class_name":{"type":"string","description":"Class name of object being retrieved.","description_kind":"markdown","computed":true},"content":{"type":["map","string"],"description":"Map of key-value pairs which represents the attributes of object being retrieved.","description_kind":"markdown","computed":true},"dn":{"type":"string","description":"Distinguished name of object to be retrieved, e.g. uni/tn-EXAMPLE_TENANT.","description_kind":"markdown","required":true},"id":{"type":"string","description":"The distinguished name of the object.","description_kind":"markdown","computed":true}},"description":"This data source can read one ACI object and its children.","description_kind":"markdown"}}}}}}
