{"format_version":"0.2","provider_schemas":{"registry.terraform.io/netrisai/netris":{"provider":{"version":0,"block":{"attributes":{"address":{"type":"string","description_kind":"plain","optional":true},"login":{"type":"string","description_kind":"plain","optional":true},"password":{"type":"string","description_kind":"plain","optional":true}},"description_kind":"plain"}},"resource_schemas":{"netris_allocation":{"version":0,"block":{"attributes":{"id":{"type":"string","description_kind":"plain","optional":true,"computed":true},"ipamid":{"type":"number","description_kind":"plain","optional":true},"name":{"type":"string","description":"The name of the resource, also acts as it's unique ID","description_kind":"plain","required":true},"prefix":{"type":"string","description_kind":"plain","required":true},"tenant":{"type":"string","description_kind":"plain","required":true}},"description_kind":"plain"}},"netris_bgp":{"version":0,"block":{"attributes":{"allowasin":{"type":"number","description":"A description of an item","description_kind":"plain","optional":true},"bgpid":{"type":"number","description":"The name of the resource, also acts as it's unique ID","description_kind":"plain","optional":true},"bgppassword":{"type":"string","description":"A description of an item","description_kind":"plain","optional":true},"defaultoriginate":{"type":"bool","description":"A description of an item","description_kind":"plain","optional":true},"description":{"type":"string","description":"A description of an item","description_kind":"plain","optional":true},"id":{"type":"string","description_kind":"plain","optional":true,"computed":true},"inboundroutemap":{"type":"string","description":"A description of an item","description_kind":"plain","optional":true},"localip":{"type":"string","description":"A description of an item","description_kind":"plain","optional":true},"localpreference":{"type":"number","description":"A description of an item","description_kind":"plain","optional":true},"multihop":{"type":["map","string"],"description":"Multihop","description_kind":"plain","optional":true},"name":{"type":"string","description":"The name of the resource, also acts as it's unique ID","description_kind":"plain","required":true},"neighboras":{"type":"string","description":"A description of an item","description_kind":"plain","optional":true},"outboundroutemap":{"type":"string","description":"A description of an item","description_kind":"plain","optional":true},"prefixinboundmax":{"type":"string","description":"A description of an item","description_kind":"plain","optional":true},"prefixlistinbound":{"type":["list","string"],"description":"Switch Ports","description_kind":"plain","optional":true},"prefixlistoutbound":{"type":["list","string"],"description":"Switch Ports","description_kind":"plain","optional":true},"prependinbound":{"type":"number","description":"A description of an item","description_kind":"plain","optional":true},"prependoutbound":{"type":"number","description":"A description of an item","description_kind":"plain","optional":true},"remoteip":{"type":"string","description":"A description of an item","description_kind":"plain","optional":true},"sendbgpcommunity":{"type":["list","string"],"description":"Switch Ports","description_kind":"plain","optional":true},"site":{"type":"string","description":"A description of an item","description_kind":"plain","required":true},"softgate":{"type":"string","description":"A description of an item","description_kind":"plain","optional":true},"state":{"type":"string","description":"A description of an item","description_kind":"plain","optional":true},"terminateonswitch":{"type":["map","string"],"description":"Switch Ports","description_kind":"plain","optional":true},"transport":{"type":["map","string"],"description":"Switch Ports","description_kind":"plain","optional":true},"weight":{"type":"number","description":"A description of an item","description_kind":"plain","optional":true}},"description_kind":"plain"}},"netris_controller":{"version":0,"block":{"attributes":{"description":{"type":"string","description":"The name of the resource, also acts as it's unique ID","description_kind":"plain","optional":true},"id":{"type":"string","description_kind":"plain","optional":true,"computed":true},"itemid":{"type":"number","description_kind":"plain","optional":true},"mainip":{"type":"string","description":"The name of the resource, also acts as it's unique ID","description_kind":"plain","required":true},"name":{"type":"string","description":"The name of the resource, also acts as it's unique ID","description_kind":"plain","required":true},"site":{"type":"string","description":"The name of the resource, also acts as it's unique ID","description_kind":"plain","required":true},"tenant":{"type":"string","description":"The name of the resource, also acts as it's unique ID","description_kind":"plain","required":true}},"description_kind":"plain"}},"netris_softgate":{"version":0,"block":{"attributes":{"description":{"type":"string","description":"The name of the resource, also acts as it's unique ID","description_kind":"plain","optional":true},"id":{"type":"string","description_kind":"plain","optional":true,"computed":true},"itemid":{"type":"number","description_kind":"plain","optional":true},"mainip":{"type":"string","description":"The name of the resource, also acts as it's unique ID","description_kind":"plain","required":true},"mgmtip":{"type":"string","description":"The name of the resource, also acts as it's unique ID","description_kind":"plain","required":true},"name":{"type":"string","description":"The name of the resource, also acts as it's unique ID","description_kind":"plain","required":true},"profile":{"type":"string","description":"The name of the resource, also acts as it's unique ID","description_kind":"plain","optional":true},"site":{"type":"string","description":"The name of the resource, also acts as it's unique ID","description_kind":"plain","required":true},"tenant":{"type":"string","description":"The name of the resource, also acts as it's unique ID","description_kind":"plain","required":true}},"block_types":{"links":{"nesting_mode":"list","block":{"attributes":{"localport":{"type":"string","description_kind":"plain","optional":true},"remoteport":{"type":"string","description_kind":"plain","optional":true}},"description_kind":"plain"}}},"description_kind":"plain"}},"netris_subnet":{"version":0,"block":{"attributes":{"defaultgateway":{"type":"string","description_kind":"plain","required":true},"id":{"type":"string","description_kind":"plain","optional":true,"computed":true},"name":{"type":"string","description":"The name of the resource, also acts as it's unique ID","description_kind":"plain","required":true},"prefix":{"type":"string","description_kind":"plain","required":true},"purpose":{"type":"string","description_kind":"plain","required":true},"sites":{"type":["list","string"],"description":"Sites","description_kind":"plain","optional":true},"subnetid":{"type":"number","description_kind":"plain","optional":true},"tenant":{"type":"string","description_kind":"plain","required":true}},"description_kind":"plain"}},"netris_switch":{"version":0,"block":{"attributes":{"asnumber":{"type":"string","description":"The name of the resource, also acts as it's unique ID","description_kind":"plain","required":true},"description":{"type":"string","description":"The name of the resource, also acts as it's unique ID","description_kind":"plain","optional":true},"id":{"type":"string","description_kind":"plain","optional":true,"computed":true},"itemid":{"type":"number","description_kind":"plain","optional":true},"macaddress":{"type":"string","description":"The name of the resource, also acts as it's unique ID","description_kind":"plain","optional":true},"mainip":{"type":"string","description":"The name of the resource, also acts as it's unique ID","description_kind":"plain","required":true},"mgmtip":{"type":"string","description":"The name of the resource, also acts as it's unique ID","description_kind":"plain","required":true},"name":{"type":"string","description":"The name of the resource, also acts as it's unique ID","description_kind":"plain","required":true},"nos":{"type":"string","description":"The name of the resource, also acts as it's unique ID","description_kind":"plain","required":true},"portcount":{"type":"number","description":"The name of the resource, also acts as it's unique ID","description_kind":"plain","required":true},"profile":{"type":"string","description":"The name of the resource, also acts as it's unique ID","description_kind":"plain","optional":true},"site":{"type":"string","description":"The name of the resource, also acts as it's unique ID","description_kind":"plain","required":true},"tenant":{"type":"string","description":"The name of the resource, also acts as it's unique ID","description_kind":"plain","required":true}},"block_types":{"links":{"nesting_mode":"list","block":{"attributes":{"localport":{"type":"string","description_kind":"plain","optional":true},"remoteport":{"type":"string","description_kind":"plain","optional":true}},"description_kind":"plain"}}},"description_kind":"plain"}},"netris_tenant":{"version":0,"block":{"attributes":{"description":{"type":"string","description_kind":"plain","optional":true},"id":{"type":"string","description_kind":"plain","optional":true,"computed":true},"itemid":{"type":"number","description_kind":"plain","optional":true},"name":{"type":"string","description":"The name of the resource, also acts as it's unique ID","description_kind":"plain","required":true}},"description_kind":"plain"}},"netris_vnet":{"version":0,"block":{"attributes":{"id":{"type":"string","description_kind":"plain","optional":true,"computed":true},"name":{"type":"string","description":"The name of the resource, also acts as it's unique ID","description_kind":"plain","required":true},"owner":{"type":"string","description_kind":"plain","required":true},"state":{"type":"string","description_kind":"plain","optional":true},"vnetid":{"type":"number","description_kind":"plain","optional":true}},"block_types":{"sites":{"nesting_mode":"list","block":{"attributes":{"name":{"type":"string","description_kind":"plain","required":true}},"block_types":{"gateways":{"nesting_mode":"list","block":{"attributes":{"prefix":{"type":"string","description_kind":"plain","required":true},"vlanid":{"type":"string","description_kind":"plain","optional":true}},"description_kind":"plain"}},"ports":{"nesting_mode":"list","block":{"attributes":{"name":{"type":"string","description_kind":"plain","optional":true},"vlanid":{"type":"string","description_kind":"plain","optional":true}},"description_kind":"plain"}}},"description_kind":"plain"},"min_items":1}},"description_kind":"plain"}}}}}}
