{"format_version":"0.2","provider_schemas":{"registry.terraform.io/nifcloud/nifcloud":{"provider":{"version":0,"block":{"attributes":{"access_key":{"type":"string","description":"This is the NIFCLOUD access key. It must be provided, but it can also be sourced from the `NIFCLOUD_ACCESS_KEY_ID` env var.","description_kind":"plain","optional":true,"sensitive":true},"region":{"type":"string","description":"This is the NIFCLOUD region. It must be provided, but it can also be sourced from the `NIFCLOUD_DEFAULT_REGION` env var.","description_kind":"plain","optional":true},"secret_key":{"type":"string","description":"This is the NIFCLOUD secret key. It must be provided, but it can also be sourced from the `NIFCLOUD_SECRET_ACCESS_KEY` env var.","description_kind":"plain","optional":true,"sensitive":true}},"description_kind":"plain"}},"resource_schemas":{"nifcloud_customer_gateway":{"version":0,"block":{"attributes":{"customer_gateway_id":{"type":"string","description":"The customer gateway id.","description_kind":"plain","computed":true},"description":{"type":"string","description":"The description.","description_kind":"plain","optional":true},"id":{"type":"string","description_kind":"plain","optional":true,"computed":true},"ip_address":{"type":"string","description":"The IP address.","description_kind":"plain","required":true},"lan_side_cidr_block":{"type":"string","description":"The lan side CIDR block.","description_kind":"plain","optional":true},"lan_side_ip_address":{"type":"string","description":"The lan side IP address.","description_kind":"plain","optional":true},"name":{"type":"string","description":"The name.","description_kind":"plain","optional":true},"type":{"type":"string","description":"The type.","description_kind":"plain","optional":true,"computed":true}},"block_types":{"timeouts":{"nesting_mode":"single","block":{"attributes":{"default":{"type":"string","description_kind":"plain","optional":true}},"description_kind":"plain"}}},"description":"Provides a customer gateway resource.","description_kind":"plain"}},"nifcloud_db_instance":{"version":0,"block":{"attributes":{"accounting_type":{"type":"string","description":"Accounting type. (1: monthly, 2: pay per use).","description_kind":"plain","optional":true},"address":{"type":"string","description":"The hostname of the DB instance.","description_kind":"plain","computed":true},"allocated_storage":{"type":"number","description":"The allocated storage in gibibytes.","description_kind":"plain","optional":true,"computed":true},"apply_immediately":{"type":"bool","description":"Specifies whether any database modifications are applied immediately, or during the next maintenance window. Default is `false`","description_kind":"plain","optional":true},"availability_zone":{"type":"string","description":"The AZ for the DB instance.","description_kind":"plain","optional":true,"computed":true},"backup_retention_period":{"type":"number","description":"The days to retain backups for. If `0` automatic backup will be off","description_kind":"plain","optional":true,"computed":true},"backup_window":{"type":"string","description":"The daily time range (in UTC) during which automated backups are created if they are enabled. Example: `09:46-10:16`","description_kind":"plain","optional":true,"computed":true},"binlog_retention_period":{"type":"number","description":"The days to retain binlog for. Be sure to specify `custom_binlog_retention_period = true` as a set","description_kind":"plain","optional":true,"computed":true},"ca_cert_identifier":{"type":"string","description":"The identifier of the CA certificate for the DB instance.","description_kind":"plain","optional":true,"computed":true},"custom_binlog_retention_period":{"type":"bool","description":"The flag of set binary log retention period. Only MySQL can be specified","description_kind":"plain","optional":true},"db_name":{"type":"string","description":"The name of the database to create when the DB instance is created. If this parameter is not specified, no database is created.","description_kind":"plain","optional":true,"computed":true},"db_security_group_name":{"type":"string","description":"The security group name to associate with; which can be managed using the nifcloud_db_security_group resource.","description_kind":"plain","optional":true,"computed":true},"engine":{"type":"string","description":"The database engine. `MySQL` or `postgres` or `MariaDB`","description_kind":"plain","optional":true,"computed":true},"engine_version":{"type":"string","description":"The database engine version.","description_kind":"plain","optional":true,"computed":true},"final_snapshot_identifier":{"type":"string","description":"The name of your final DB snapshot when this DB instance is deleted. Must be provided if `skip_final_snapshot` is set to false.","description_kind":"plain","optional":true},"id":{"type":"string","description_kind":"plain","optional":true,"computed":true},"identifier":{"type":"string","description":"The name of the DB instance.","description_kind":"plain","required":true},"instance_class":{"type":"string","description":"The instance type of the DB instance.","description_kind":"plain","required":true},"maintenance_window":{"type":"string","description":"The weekly time range (in UTC) the instance maintenance window. Example: `Sun:05:00-Sun:06:00`","description_kind":"plain","optional":true,"computed":true},"master_private_address":{"type":"string","description":"Private IP address for master DB.","description_kind":"plain","optional":true},"multi_az":{"type":"bool","description":"If the DB instance is multi AZ enabled.","description_kind":"plain","optional":true,"computed":true},"multi_az_type":{"type":"number","description":"The type of multi AZ. (0: Data priority, 1: Performance priority) default `0`","description_kind":"plain","optional":true},"network_id":{"type":"string","description":"The id of private lan.","description_kind":"plain","optional":true,"computed":true},"parameter_group_name":{"type":"string","description":"Name of the DB parameter group to associate; which can be managed using the nifcloud_db_parameter_group resource.","description_kind":"plain","optional":true,"computed":true},"password":{"type":"string","description":"Password for the master DB user.","description_kind":"plain","optional":true,"sensitive":true},"port":{"type":"number","description":"The database port.","description_kind":"plain","optional":true,"computed":true},"publicly_accessible":{"type":"bool","description":"Bool to control if instance is publicly accessible. Default is `true`","description_kind":"plain","optional":true},"read_replica_identifier":{"type":"string","description":"The DB instance name for read replica.","description_kind":"plain","optional":true},"read_replica_private_address":{"type":"string","description":"Private IP address for read replica.","description_kind":"plain","optional":true},"replicate_source_db":{"type":"string","description":"Specifies that this resource is a Replicate database, and to use this value as the source database.","description_kind":"plain","optional":true},"skip_final_snapshot":{"type":"bool","description":"Determines whether a final DB snapshot is created before the DB instance is deleted. Defaults to `true` no DBSnapshot is created","description_kind":"plain","optional":true},"slave_private_address":{"type":"string","description":"Private IP address for master DB.","description_kind":"plain","optional":true},"snapshot_identifier":{"type":"string","description":"Specifies whether or not to create this database from a snapshot.","description_kind":"plain","optional":true},"storage_type":{"type":"number","description":"One of `0` (HDD), or `1` (Flash drive). The default is `0`","description_kind":"plain","optional":true},"username":{"type":"string","description":"Username for the master DB user.","description_kind":"plain","optional":true,"computed":true},"virtual_private_address":{"type":"string","description":"Private IP address for virtual load balancer.","description_kind":"plain","optional":true}},"block_types":{"restore_to_point_in_time":{"nesting_mode":"list","block":{"attributes":{"restore_time":{"type":"string","description":"The date and time to restore from. Value must be a time in Universal Coordinated Time (UTC) format.","description_kind":"plain","optional":true},"source_db_instance_identifier":{"type":"string","description":"The identifier of the source DB instance from which to restore.","description_kind":"plain","required":true},"use_latest_restorable_time":{"type":"bool","description":"A boolean value that indicates whether the DB instance is restored from the latest backup time. Defaults to `false`","description_kind":"plain","optional":true}},"description":"A configuration block for restoring a DB instance to an arbitrary point in time.","description_kind":"plain"},"max_items":1},"timeouts":{"nesting_mode":"single","block":{"attributes":{"create":{"type":"string","description_kind":"plain","optional":true},"default":{"type":"string","description_kind":"plain","optional":true},"delete":{"type":"string","description_kind":"plain","optional":true},"update":{"type":"string","description_kind":"plain","optional":true}},"description_kind":"plain"}}},"description":"Provides a rdb instance resource.","description_kind":"plain"}},"nifcloud_db_parameter_group":{"version":0,"block":{"attributes":{"description":{"type":"string","description":"The description for the DB parameter group.","description_kind":"plain","optional":true},"family":{"type":"string","description":"The DB parameter group family name.","description_kind":"plain","required":true},"id":{"type":"string","description_kind":"plain","optional":true,"computed":true},"name":{"type":"string","description":"The name of the DB parameter group.","description_kind":"plain","required":true}},"block_types":{"parameter":{"nesting_mode":"set","block":{"attributes":{"apply_method":{"type":"string","description":"Indicates when to apply parameter updates.","description_kind":"plain","optional":true},"name":{"type":"string","description":"The name of the parameter.","description_kind":"plain","required":true},"value":{"type":"string","description":"The value of the parameter.","description_kind":"plain","required":true}},"description_kind":"plain"}},"timeouts":{"nesting_mode":"single","block":{"attributes":{"default":{"type":"string","description_kind":"plain","optional":true}},"description_kind":"plain"}}},"description":"Provides a DB parameter group resource.","description_kind":"plain"}},"nifcloud_db_security_group":{"version":0,"block":{"attributes":{"availability_zone":{"type":"string","description":"The availability zone.","description_kind":"plain","required":true},"description":{"type":"string","description":"The db security group description.","description_kind":"plain","optional":true},"group_name":{"type":"string","description":"The name for the db security group.","description_kind":"plain","required":true},"id":{"type":"string","description_kind":"plain","optional":true,"computed":true}},"block_types":{"rule":{"nesting_mode":"set","block":{"attributes":{"cidr_ip":{"type":"string","description":"The CIDR IP Address that allow access. Cannot be specified with `security_group_name` .","description_kind":"plain","optional":true},"security_group_name":{"type":"string","description":"The security group name that allow access. Cannot be specified with `cidr_ip` .","description_kind":"plain","optional":true}},"description":"A list of the db security group rule objects.","description_kind":"plain"}},"timeouts":{"nesting_mode":"single","block":{"attributes":{"default":{"type":"string","description_kind":"plain","optional":true}},"description_kind":"plain"}}},"description":"Provides a RDB security group resource.","description_kind":"plain"}},"nifcloud_dhcp_config":{"version":0,"block":{"attributes":{"dhcp_config_id":{"type":"string","description":"The ID of the dhcp config.","description_kind":"plain","computed":true},"id":{"type":"string","description_kind":"plain","optional":true,"computed":true}},"block_types":{"ipaddress_pool":{"nesting_mode":"set","block":{"attributes":{"ipaddress_pool_description":{"type":"string","description":"The ipaddress pool description.","description_kind":"plain","optional":true},"ipaddress_pool_start":{"type":"string","description":"The start IP address of ipAddressPool.","description_kind":"plain","required":true},"ipaddress_pool_stop":{"type":"string","description":"The stop IP address of ipAddressPool.","description_kind":"plain","required":true}},"description":"A list of ipaddress pool.","description_kind":"plain"}},"static_mapping":{"nesting_mode":"set","block":{"attributes":{"static_mapping_description":{"type":"string","description":"The static mapping IP address description.","description_kind":"plain","optional":true},"static_mapping_ipaddress":{"type":"string","description":"The static mapping IP address.","description_kind":"plain","required":true},"static_mapping_macaddress":{"type":"string","description":"The static mapping MAC address.","description_kind":"plain","required":true}},"description":"A list of static mapping ip address.","description_kind":"plain"}},"timeouts":{"nesting_mode":"single","block":{"attributes":{"default":{"type":"string","description_kind":"plain","optional":true},"delete":{"type":"string","description_kind":"plain","optional":true}},"description_kind":"plain"}}},"description":"Provides a dhcp config resource.","description_kind":"plain"}},"nifcloud_dhcp_option":{"version":0,"block":{"attributes":{"default_router":{"type":"string","description":"The IP address of default gateway.","description_kind":"plain","optional":true},"dhcp_option_id":{"type":"string","description":"The ID of the dhcp option.","description_kind":"plain","computed":true},"domain_name":{"type":"string","description":"The domain name used by the client in host name resolution.","description_kind":"plain","optional":true},"domain_name_servers":{"type":["set","string"],"description":"The IP address list of the DNS server.","description_kind":"plain","optional":true},"id":{"type":"string","description_kind":"plain","optional":true,"computed":true},"lease_time":{"type":"string","description":"The IP address lease time. (Unit: second)","description_kind":"plain","optional":true},"netbios_name_servers":{"type":["set","string"],"description":"The IP address list of the NetBIOS server.","description_kind":"plain","optional":true},"netbios_node_type":{"type":"string","description":"The NetBIOS node type. (1: Don't use WINS, 2: Don't use broadcast, 4: Priorirtize broadcasting, 8: Prioritize WINS)","description_kind":"plain","optional":true},"ntp_servers":{"type":["set","string"],"description":"The IP address list of the NTP server.","description_kind":"plain","optional":true}},"block_types":{"timeouts":{"nesting_mode":"single","block":{"attributes":{"default":{"type":"string","description_kind":"plain","optional":true},"delete":{"type":"string","description_kind":"plain","optional":true}},"description_kind":"plain"}}},"description":"Provides a dhcp options resource.","description_kind":"plain"}},"nifcloud_elastic_ip":{"version":0,"block":{"attributes":{"availability_zone":{"type":"string","description":"The availability zone.","description_kind":"plain","required":true},"description":{"type":"string","description":"The elastic ip description.","description_kind":"plain","optional":true},"id":{"type":"string","description_kind":"plain","optional":true,"computed":true},"ip_type":{"type":"bool","description":"Choice of the private ip address(true) or public ip address(false).","description_kind":"plain","required":true},"private_ip":{"type":"string","description":"The private ip address.","description_kind":"plain","computed":true},"public_ip":{"type":"string","description":"The public ip address.","description_kind":"plain","computed":true}},"block_types":{"timeouts":{"nesting_mode":"single","block":{"attributes":{"default":{"type":"string","description_kind":"plain","optional":true}},"description_kind":"plain"}}},"description":"Provides a elastic ip resource.","description_kind":"plain"}},"nifcloud_elb":{"version":0,"block":{"attributes":{"accounting_type":{"type":"string","description":"Accounting type. (1: monthly, 2: pay per use).","description_kind":"plain","optional":true},"availability_zone":{"type":"string","description":"The availability zone.","description_kind":"plain","required":true},"balancing_type":{"type":"number","description":"Balancing type. (1: Round-Robin, 2: Least-Connection).","description_kind":"plain","optional":true},"description":{"type":"string","description":"The multi load balancer description.","description_kind":"plain","optional":true},"dns_name":{"type":"string","description":"The ip address of multi load balancer vip network.","description_kind":"plain","computed":true},"elb_id":{"type":"string","description":"The id of multi load balancer.","description_kind":"plain","computed":true},"elb_name":{"type":"string","description":"The name for the multi load balancer.","description_kind":"plain","optional":true,"computed":true},"health_check_expectation_http_code":{"type":["set","number"],"description":"A list of the expected http code.","description_kind":"plain","optional":true},"health_check_interval":{"type":"number","description":"The interval between health checks.","description_kind":"plain","optional":true},"health_check_path":{"type":"string","description":"The path of the health check.","description_kind":"plain","optional":true},"health_check_target":{"type":"string","description":"The target of the health check. Valid pattern is ${PROTOCOL}:${PORT} or ICMP.","description_kind":"plain","optional":true},"id":{"type":"string","description_kind":"plain","optional":true,"computed":true},"instance_port":{"type":"number","description":"The port on the instance to route to.","description_kind":"plain","required":true},"instances":{"type":["set","string"],"description":"A list of instance names to place in the multi load balancer pool.","description_kind":"plain","optional":true},"lb_port":{"type":"number","description":"The port to listen on for the multi load balancer.","description_kind":"plain","required":true},"network_volume":{"type":"number","description":"Maximum network volume for the multi load balancer.","description_kind":"plain","optional":true},"protocol":{"type":"string","description":"The protocol to listen on. Valid values are `HTTP` `HTTPS` `TCP` `UDP`.","description_kind":"plain","required":true},"route_table_association_id":{"type":"string","description":"The id of route table association.","description_kind":"plain","computed":true},"route_table_id":{"type":"string","description":"The id of route table to attach.","description_kind":"plain","optional":true},"session_stickiness_policy_enable":{"type":"bool","description":"The flag of session stickiness policy.","description_kind":"plain","optional":true},"session_stickiness_policy_expiration_period":{"type":"number","description":"The session stickiness policy expiration period.","description_kind":"plain","optional":true},"session_stickiness_policy_method":{"type":"string","description":"The session stickiness policy method. (1: Source ip, 2: Cookie)","description_kind":"plain","optional":true},"sorry_page_enable":{"type":"bool","description":"The flag of sorry page.","description_kind":"plain","optional":true},"sorry_page_redirect_url":{"type":"string","description":"The sorry page redirect url.","description_kind":"plain","optional":true},"ssl_certificate_id":{"type":"string","description":"The id of the SSL certificate you have uploaded to NIFCLOUD.","description_kind":"plain","optional":true},"unhealthy_threshold":{"type":"number","description":"The number of checks before the instance is declared unhealthy.","description_kind":"plain","optional":true},"version":{"type":"string","description":"The version of multi load balancer.","description_kind":"plain","computed":true}},"block_types":{"network_interface":{"nesting_mode":"set","block":{"attributes":{"ip_address":{"type":"string","description":"The IP address of multi load balancer.","description_kind":"plain","optional":true},"is_vip_network":{"type":"bool","description":"The flag of vip network.","description_kind":"plain","optional":true},"network_id":{"type":"string","description":"The ID of the network to attach; 'net-COMMON_GLOBAL' or `net-COMMON_PRIVATE` or private lan network id.","description_kind":"plain","optional":true},"network_name":{"type":"string","description":"The private lan name of the network to attach.","description_kind":"plain","optional":true}},"description_kind":"plain"},"min_items":1,"max_items":2},"timeouts":{"nesting_mode":"single","block":{"attributes":{"create":{"type":"string","description_kind":"plain","optional":true},"default":{"type":"string","description_kind":"plain","optional":true},"delete":{"type":"string","description_kind":"plain","optional":true},"update":{"type":"string","description_kind":"plain","optional":true}},"description_kind":"plain"}}},"description":"Provides a multi load balancer resource.","description_kind":"plain"}},"nifcloud_elb_listener":{"version":0,"block":{"attributes":{"balancing_type":{"type":"number","description":"Balancing type. (1: Round-Robin, 2: Least-Connection).","description_kind":"plain","optional":true},"description":{"type":"string","description":"The multi load balancer description.","description_kind":"plain","optional":true},"elb_id":{"type":"string","description":"The id of multi load balancer.","description_kind":"plain","required":true},"health_check_expectation_http_code":{"type":["set","number"],"description":"A list of the expected http code.","description_kind":"plain","optional":true},"health_check_interval":{"type":"number","description":"The interval between health checks.","description_kind":"plain","optional":true},"health_check_path":{"type":"string","description":"The path of the health check.","description_kind":"plain","optional":true},"health_check_target":{"type":"string","description":"The target of the health check. Valid pattern is ${PROTOCOL}:${PORT} or ICMP.","description_kind":"plain","optional":true},"id":{"type":"string","description_kind":"plain","optional":true,"computed":true},"instance_port":{"type":"number","description":"The port on the instance to route to.","description_kind":"plain","required":true},"instances":{"type":["set","string"],"description":"A list of instance names to place in the multi load balancer pool.","description_kind":"plain","optional":true},"lb_port":{"type":"number","description":"The port to listen on for the multi load balancer.","description_kind":"plain","required":true},"protocol":{"type":"string","description":"The protocol to listen on. Valid values are `HTTP` `HTTPS` `TCP` `UDP`.","description_kind":"plain","required":true},"session_stickiness_policy_enable":{"type":"bool","description":"The flag of session stickiness policy.","description_kind":"plain","optional":true},"session_stickiness_policy_expiration_period":{"type":"number","description":"The session stickiness policy expiration period.","description_kind":"plain","optional":true},"session_stickiness_policy_method":{"type":"string","description":"The session stickiness policy method. (1: Source ip, 2: Cookie)","description_kind":"plain","optional":true},"sorry_page_enable":{"type":"bool","description":"The flag of sorry page.","description_kind":"plain","optional":true},"sorry_page_redirect_url":{"type":"string","description":"The sorry page redirect url.","description_kind":"plain","optional":true},"ssl_certificate_id":{"type":"string","description":"The id of the SSL certificate you have uploaded to NIFCLOUD.","description_kind":"plain","optional":true},"unhealthy_threshold":{"type":"number","description":"The number of checks before the instance is declared unhealthy.","description_kind":"plain","optional":true}},"block_types":{"timeouts":{"nesting_mode":"single","block":{"attributes":{"default":{"type":"string","description_kind":"plain","optional":true}},"description_kind":"plain"}}},"description":"Provides a multi load balancer listener resource.","description_kind":"plain"}},"nifcloud_hatoba_cluster":{"version":0,"block":{"attributes":{"description":{"type":"string","description":"The cluster description.","description_kind":"plain","optional":true},"firewall_group":{"type":"string","description":"The firewall group name to associate with.","description_kind":"plain","required":true},"id":{"type":"string","description_kind":"plain","optional":true,"computed":true},"kube_config_raw":{"type":"string","description":"The raw Kubernetes config to be used by kubectl and other compatible tools.","description_kind":"plain","computed":true,"sensitive":true},"kubernetes_version":{"type":"string","description":"The version of Kubernetes.","description_kind":"plain","optional":true,"computed":true},"locations":{"type":["list","string"],"description":"The cluster location. availability zone can be specified.","description_kind":"plain","required":true},"name":{"type":"string","description":"The name of the cluster.","description_kind":"plain","required":true}},"block_types":{"addons_config":{"nesting_mode":"list","block":{"block_types":{"http_load_balancing":{"nesting_mode":"list","block":{"attributes":{"disabled":{"type":"bool","description":"Disable the HTTP load balancing addon.","description_kind":"plain","required":true}},"description":"The configs for HTTP load balancer.","description_kind":"plain"},"max_items":1}},"description":"The configs for Kubernetes addons.","description_kind":"plain"},"max_items":1},"network_config":{"nesting_mode":"list","block":{"attributes":{"network_id":{"type":"string","description":"The ID of private LAN.","description_kind":"plain","required":true}},"description":"The configs for cluster network.","description_kind":"plain"},"max_items":1},"node_pools":{"nesting_mode":"set","block":{"attributes":{"instance_type":{"type":"string","description":"The instance type for node pool.","description_kind":"plain","required":true},"name":{"type":"string","description":"The name of the node pool.","description_kind":"plain","required":true},"node_count":{"type":"number","description":"The desired node count in this node pool.","description_kind":"plain","required":true},"nodes":{"type":["set",["object",{"availability_zone":"string","name":"string","private_ip_address":"string","public_ip_address":"string"}]],"description_kind":"plain","computed":true}},"description":"The node pool config","description_kind":"plain"},"min_items":1},"timeouts":{"nesting_mode":"single","block":{"attributes":{"create":{"type":"string","description_kind":"plain","optional":true},"default":{"type":"string","description_kind":"plain","optional":true},"delete":{"type":"string","description_kind":"plain","optional":true},"update":{"type":"string","description_kind":"plain","optional":true}},"description_kind":"plain"}}},"description":"Provides a Kubernetes Service Hatoba cluster resource.","description_kind":"plain"}},"nifcloud_hatoba_firewall_group":{"version":0,"block":{"attributes":{"description":{"type":"string","description":"The firewall group description.","description_kind":"plain","optional":true},"id":{"type":"string","description_kind":"plain","optional":true,"computed":true},"name":{"type":"string","description":"The name for the firewall group.","description_kind":"plain","required":true}},"block_types":{"rule":{"nesting_mode":"set","block":{"attributes":{"cidr_ip":{"type":"string","description":"The CIDR IP address that allow access.","description_kind":"plain","required":true},"description":{"type":"string","description":"The firewall group rule description.","description_kind":"plain","optional":true},"direction":{"type":"string","description":"The direction of rule being created.","description_kind":"plain","optional":true},"from_port":{"type":"number","description":"The start port.","description_kind":"plain","optional":true},"id":{"type":"string","description":"The unique identifier of rule.","description_kind":"plain","computed":true},"protocol":{"type":"string","description":"The protocol.","description_kind":"plain","optional":true},"to_port":{"type":"number","description":"The end port.","description_kind":"plain","optional":true}},"description":"A list of the firewall group rule objects.","description_kind":"plain"}},"timeouts":{"nesting_mode":"single","block":{"attributes":{"default":{"type":"string","description_kind":"plain","optional":true}},"description_kind":"plain"}}},"description":"Provides a Kubernetes Service Hatoba firewall group resource.","description_kind":"plain"}},"nifcloud_instance":{"version":0,"block":{"attributes":{"accounting_type":{"type":"string","description":"Accounting type. (1: monthly, 2: pay per use).","description_kind":"plain","optional":true},"admin":{"type":"string","description":"Admin user for windows os.","description_kind":"plain","optional":true},"availability_zone":{"type":"string","description":"The availability zone.","description_kind":"plain","optional":true,"computed":true},"description":{"type":"string","description":"The instance description.","description_kind":"plain","optional":true},"disable_api_termination":{"type":"bool","description":"If true, enables instance termination protection.","description_kind":"plain","optional":true},"id":{"type":"string","description_kind":"plain","optional":true,"computed":true},"image_id":{"type":"string","description":"The os image identifier to use for the instance.","description_kind":"plain","required":true},"instance_id":{"type":"string","description":"The instance name.","description_kind":"plain","optional":true,"computed":true},"instance_state":{"type":"string","description":"The state of the instance.","description_kind":"plain","computed":true},"instance_type":{"type":"string","description":"The type of instance to start. Updates to this field will trigger a stop/start of the instance.","description_kind":"plain","optional":true},"key_name":{"type":"string","description":"The key name of the Key Pair to use for the instance; which can be managed using the nifcloud_key_pair resource.","description_kind":"plain","optional":true},"license_name":{"type":"string","description":"The license name.","description_kind":"plain","optional":true},"license_num":{"type":"number","description":"The license count.","description_kind":"plain","optional":true},"password":{"type":"string","description":"Admin password for windows os.","description_kind":"plain","optional":true,"sensitive":true},"private_ip":{"type":"string","description":"The private ip address of instance.","description_kind":"plain","computed":true},"public_ip":{"type":"string","description":"The public ip address of instance.","description_kind":"plain","computed":true},"security_group":{"type":"string","description":"The security group name to associate with; which can be managed using the nifcloud_security_group resource.","description_kind":"plain","optional":true},"unique_id":{"type":"string","description":"The unique ID of instance.","description_kind":"plain","computed":true},"user_data":{"type":"string","description":"The user data to provide when launching the instance.","description_kind":"plain","optional":true}},"block_types":{"network_interface":{"nesting_mode":"set","block":{"attributes":{"ip_address":{"type":"string","description":"The IP address to select from `static` or `elastic IP address` or `static IP address`; Default(null) is DHCP.","description_kind":"plain","optional":true},"network_id":{"type":"string","description":"The ID of the network to attach; 'net-COMMON_GLOBAL' or `net-COMMON_PRIVATE` or private lan network id.","description_kind":"plain","optional":true},"network_interface_attachment_id":{"type":"string","description":"The attachment ID of the additional NIC","description_kind":"plain","computed":true},"network_interface_id":{"type":"string","description":"The ID of the additional NIC, which can be managed using the nifcloud_network_interface resource. \n\t\t\t\t\t\tModifying this field instance will force reboot.","description_kind":"plain","optional":true},"network_name":{"type":"string","description":"The private lan name of the network to attach.","description_kind":"plain","optional":true}},"description_kind":"plain"},"min_items":1},"timeouts":{"nesting_mode":"single","block":{"attributes":{"create":{"type":"string","description_kind":"plain","optional":true},"default":{"type":"string","description_kind":"plain","optional":true},"delete":{"type":"string","description_kind":"plain","optional":true},"update":{"type":"string","description_kind":"plain","optional":true}},"description_kind":"plain"}}},"description":"Provides a instance resource.","description_kind":"plain"}},"nifcloud_key_pair":{"version":0,"block":{"attributes":{"description":{"type":"string","description":"The key pair description.","description_kind":"plain","optional":true},"fingerprint":{"type":"string","description":"The MD5 public key fingerprint.","description_kind":"plain","computed":true},"id":{"type":"string","description_kind":"plain","optional":true,"computed":true},"key_name":{"type":"string","description":"The name for the key pair.","description_kind":"plain","required":true},"public_key":{"type":"string","description":"The public key material.","description_kind":"plain","required":true}},"block_types":{"timeouts":{"nesting_mode":"single","block":{"attributes":{"default":{"type":"string","description_kind":"plain","optional":true}},"description_kind":"plain"}}},"description":"Upload and register the specified SSH public key.","description_kind":"plain"}},"nifcloud_load_balancer":{"version":0,"block":{"attributes":{"accounting_type":{"type":"string","description":"Accounting type. (1: monthly, 2: pay per use).","description_kind":"plain","optional":true},"balancing_type":{"type":"number","description":"Balancing type. (1: Round-Robin, 2: Least-Connection).","description_kind":"plain","optional":true},"dns_name":{"type":"string","description":"dns_name","description_kind":"plain","computed":true},"filter":{"type":["set","string"],"description":"A list of IP address filter for load balancer","description_kind":"plain","optional":true},"filter_type":{"type":"string","description":"The filter_type of filter (1: Allow, 2: Deny).","description_kind":"plain","optional":true,"computed":true},"health_check_interval":{"type":"number","description":"The interval between health checks.","description_kind":"plain","optional":true},"health_check_target":{"type":"string","description":"The target of the health check. Valid pattern is ${PROTOCOL}:${PORT} or ICMP.","description_kind":"plain","optional":true},"healthy_threshold":{"type":"number","description":"The number of checks before the instance is declared healthy.","description_kind":"plain","optional":true},"id":{"type":"string","description_kind":"plain","optional":true,"computed":true},"instance_port":{"type":"number","description":"The port on the instance to route to.","description_kind":"plain","required":true},"instances":{"type":["set","string"],"description":"A list of instance names to place in the load balancer pool.","description_kind":"plain","optional":true},"ip_version":{"type":"string","description":"The load balancer ip version(v4 or v6).","description_kind":"plain","optional":true},"load_balancer_name":{"type":"string","description":"The name for the load_balancer.","description_kind":"plain","required":true},"load_balancer_port":{"type":"number","description":"The port to listen on for the load balancer.","description_kind":"plain","required":true},"network_volume":{"type":"number","description":"The load balancer max network volume.","description_kind":"plain","optional":true},"policy_type":{"type":"string","description":"policy type (standard or ats).","description_kind":"plain","optional":true},"session_stickiness_policy_enable":{"type":"bool","description":"The flag of session stickiness policy.","description_kind":"plain","optional":true},"session_stickiness_policy_expiration_period":{"type":"number","description":"The session stickiness policy expiration period.","description_kind":"plain","optional":true},"sorry_page_enable":{"type":"bool","description":"The flag of sorry page.","description_kind":"plain","optional":true},"sorry_page_status_code":{"type":"number","description":"The HTTP status code for sorry page.","description_kind":"plain","optional":true},"ssl_certificate_id":{"type":"string","description":"The id of the SSL certificate you have uploaded to NIFCLOUD.","description_kind":"plain","optional":true},"ssl_policy_id":{"type":"string","description":"The id of the SSL policy.","description_kind":"plain","optional":true,"computed":true},"ssl_policy_name":{"type":"string","description":"The name of the SSL policy.","description_kind":"plain","optional":true,"computed":true},"unhealthy_threshold":{"type":"number","description":"The number of checks before the instance is declared unhealthy.","description_kind":"plain","optional":true}},"block_types":{"timeouts":{"nesting_mode":"single","block":{"attributes":{"default":{"type":"string","description_kind":"plain","optional":true}},"description_kind":"plain"}}},"description":"Provide a load_balancer resource","description_kind":"plain"}},"nifcloud_load_balancer_listener":{"version":0,"block":{"attributes":{"balancing_type":{"type":"number","description":"Balancing type. (1: Round-Robin, 2: Least-Connection).","description_kind":"plain","optional":true},"filter":{"type":["set","string"],"description":"A list of IP address filter for load balancer","description_kind":"plain","optional":true},"filter_type":{"type":"string","description":"The filter_type of filter (1: Allow, 2: Deny).","description_kind":"plain","optional":true,"computed":true},"health_check_interval":{"type":"number","description":"The interval between health checks.","description_kind":"plain","optional":true},"health_check_target":{"type":"string","description":"The target of the health check. Valid pattern is ${PROTOCOL}:${PORT} or ICMP.","description_kind":"plain","optional":true},"healthy_threshold":{"type":"number","description":"The number of checks before the instance is declared healthy.","description_kind":"plain","optional":true},"id":{"type":"string","description_kind":"plain","optional":true,"computed":true},"instance_port":{"type":"number","description":"The port on the instance to route to.","description_kind":"plain","required":true},"instances":{"type":["set","string"],"description":"A list of instance names to place in the load balancer pool.","description_kind":"plain","optional":true},"ip_version":{"type":"string","description":"The load balancer ip version(v4 or v6).","description_kind":"plain","computed":true},"load_balancer_name":{"type":"string","description":"The name for the load_balancer.","description_kind":"plain","required":true},"load_balancer_port":{"type":"number","description":"The port to listen on for the load balancer.","description_kind":"plain","required":true},"policy_type":{"type":"string","description":"policy type (standard or ats).","description_kind":"plain","optional":true},"session_stickiness_policy_enable":{"type":"bool","description":"The flag of session stickiness policy.","description_kind":"plain","optional":true},"session_stickiness_policy_expiration_period":{"type":"number","description":"The session stickiness policy expiration period.","description_kind":"plain","optional":true},"sorry_page_enable":{"type":"bool","description":"The flag of sorry page.","description_kind":"plain","optional":true},"sorry_page_status_code":{"type":"number","description":"The HTTP status code for sorry page.","description_kind":"plain","optional":true},"ssl_certificate_id":{"type":"string","description":"The id of the SSL certificate you have uploaded to NIFCLOUD.","description_kind":"plain","optional":true},"ssl_policy_id":{"type":"string","description":"The id of the SSL policy.","description_kind":"plain","optional":true,"computed":true},"ssl_policy_name":{"type":"string","description":"The name of the SSL policy.","description_kind":"plain","optional":true,"computed":true},"unhealthy_threshold":{"type":"number","description":"The number of checks before the instance is declared unhealthy.","description_kind":"plain","optional":true}},"block_types":{"timeouts":{"nesting_mode":"single","block":{"attributes":{"default":{"type":"string","description_kind":"plain","optional":true}},"description_kind":"plain"}}},"description":"Provide a load_balancer_listener resource","description_kind":"plain"}},"nifcloud_nas_instance":{"version":0,"block":{"attributes":{"allocated_storage":{"type":"number","description":"The allocated storage in gibibytes.","description_kind":"plain","required":true},"authentication_type":{"type":"number","description":"Type of cifs authentication. (0: local auth, 1: directory service auth)","description_kind":"plain","optional":true,"computed":true},"availability_zone":{"type":"string","description":"The AZ for the NAS instance.","description_kind":"plain","optional":true,"computed":true},"description":{"type":"string","description":"The NAS instance description.","description_kind":"plain","optional":true},"directory_service_administrator_name":{"type":"string","description":"The user name of directory service.","description_kind":"plain","optional":true},"directory_service_administrator_password":{"type":"string","description":"The administrator's password of directory service.","description_kind":"plain","optional":true,"sensitive":true},"directory_service_domain_name":{"type":"string","description":"The domain name of directory service.","description_kind":"plain","optional":true},"id":{"type":"string","description_kind":"plain","optional":true,"computed":true},"identifier":{"type":"string","description":"The name of the NAS instance.","description_kind":"plain","required":true},"master_user_password":{"type":"string","description":"The password for the master user. (only for cifs protocol)","description_kind":"plain","optional":true,"sensitive":true},"master_username":{"type":"string","description":"The username for the master. (only for cifs protocol)","description_kind":"plain","optional":true},"nas_security_group_name":{"type":"string","description":"The security group name to associate with; which can be managed using the nifcloud_nas_security_group resource.","description_kind":"plain","optional":true,"computed":true},"network_id":{"type":"string","description":"The id of private lan.","description_kind":"plain","optional":true},"no_root_squash":{"type":"bool","description":"Turn off root squashing.","description_kind":"plain","optional":true,"computed":true},"private_ip_address":{"type":"string","description":"Private IP address for NAS.","description_kind":"plain","optional":true,"computed":true},"private_ip_address_subnet_mask":{"type":"string","description":"The subnet mask of private IP address written in CIDR notation.","description_kind":"plain","optional":true},"protocol":{"type":"string","description":"The protocol of the NAS. nfs or cifs","description_kind":"plain","required":true},"public_ip_address":{"type":"string","description":"Public IP address for NAS.","description_kind":"plain","computed":true},"type":{"type":"number","description":"The type of NAS. (0: standard type, 1: high-speed type)","description_kind":"plain","optional":true,"computed":true}},"block_types":{"domain_controllers":{"nesting_mode":"set","block":{"attributes":{"hostname":{"type":"string","description":"The hostname of domain controller.","description_kind":"plain","optional":true},"ip_address":{"type":"string","description":"The IP address of domain controller.","description_kind":"plain","optional":true}},"description":"The domain controller info.","description_kind":"plain"}},"timeouts":{"nesting_mode":"single","block":{"attributes":{"create":{"type":"string","description_kind":"plain","optional":true},"default":{"type":"string","description_kind":"plain","optional":true},"delete":{"type":"string","description_kind":"plain","optional":true},"update":{"type":"string","description_kind":"plain","optional":true}},"description_kind":"plain"}}},"description":"Provides a NAS instance resource.","description_kind":"plain"}},"nifcloud_nas_security_group":{"version":0,"block":{"attributes":{"availability_zone":{"type":"string","description":"The availability zone.","description_kind":"plain","required":true},"description":{"type":"string","description":"The NAS security group description.","description_kind":"plain","optional":true},"group_name":{"type":"string","description":"The name for the NAS security group.","description_kind":"plain","required":true},"id":{"type":"string","description_kind":"plain","optional":true,"computed":true}},"block_types":{"rule":{"nesting_mode":"set","block":{"attributes":{"cidr_ip":{"type":"string","description":"The CIDR IP Address that allow access. Cannot be specified with `security_group_name` .","description_kind":"plain","optional":true},"security_group_name":{"type":"string","description":"The security group name that allow access. Cannot be specified with `cidr_ip` .","description_kind":"plain","optional":true}},"description":"A list of the NAS security group rule objects.","description_kind":"plain"}},"timeouts":{"nesting_mode":"single","block":{"attributes":{"default":{"type":"string","description_kind":"plain","optional":true}},"description_kind":"plain"}}},"description":"Provides a NAS security group resource.","description_kind":"plain"}},"nifcloud_nat_table":{"version":0,"block":{"attributes":{"id":{"type":"string","description_kind":"plain","optional":true,"computed":true},"nat_table_id":{"type":"string","description":"The nat table id.","description_kind":"plain","computed":true}},"block_types":{"dnat":{"nesting_mode":"set","block":{"attributes":{"description":{"type":"string","description":"The nat table rule description.","description_kind":"plain","optional":true},"destination_port":{"type":"number","description":"The destination port.","description_kind":"plain","optional":true,"computed":true},"inbound_interface_network_id":{"type":"string","description":"The inbound interface network id; `net-COMMON_GLOBAL` or `net-COMMON_PRIVATE` or private lan network id.","description_kind":"plain","optional":true},"inbound_interface_network_name":{"type":"string","description":"The private lan name of target inbound interface network.","description_kind":"plain","optional":true},"protocol":{"type":"string","description":"The protocol.","description_kind":"plain","required":true},"rule_number":{"type":"string","description":"The rule number.","description_kind":"plain","required":true},"translation_address":{"type":"string","description":"The translation address.","description_kind":"plain","required":true},"translation_port":{"type":"number","description":"The translation port.","description_kind":"plain","optional":true,"computed":true}},"description":"A list of snat objects.","description_kind":"plain"}},"snat":{"nesting_mode":"set","block":{"attributes":{"description":{"type":"string","description":"The nat table rule description.","description_kind":"plain","optional":true},"outbound_interface_network_id":{"type":"string","description":"The outbound interface network id; `net-COMMON_GLOBAL` or `net-COMMON_PRIVATE` or private lan network id.","description_kind":"plain","optional":true},"outbound_interface_network_name":{"type":"string","description":"The private lan name of target outbound interface network.","description_kind":"plain","optional":true},"protocol":{"type":"string","description":"The protocol.","description_kind":"plain","required":true},"rule_number":{"type":"string","description":"The rule number.","description_kind":"plain","required":true},"source_address":{"type":"string","description":"The source address.","description_kind":"plain","required":true},"source_port":{"type":"number","description":"The source port.","description_kind":"plain","optional":true,"computed":true},"translation_port":{"type":"number","description":"The translation port.","description_kind":"plain","optional":true,"computed":true}},"description":"A list of snat objects.","description_kind":"plain"}},"timeouts":{"nesting_mode":"single","block":{"attributes":{"default":{"type":"string","description_kind":"plain","optional":true}},"description_kind":"plain"}}},"description":"Provides a nat table resource.","description_kind":"plain"}},"nifcloud_network_interface":{"version":0,"block":{"attributes":{"availability_zone":{"type":"string","description":"The availability zone.","description_kind":"plain","optional":true,"computed":true},"description":{"type":"string","description":"A description for the network interface.","description_kind":"plain","optional":true},"id":{"type":"string","description_kind":"plain","optional":true,"computed":true},"ip_address":{"type":"string","description":"If DHCP is enabled, specify IP address or `static` or not specified(by DHCP). Otherwise, specify `static`.","description_kind":"plain","optional":true},"network_id":{"type":"string","description":"Private lan ID to create the NIC in.","description_kind":"plain","required":true},"network_interface_id":{"type":"string","description":"The ID of network interface.","description_kind":"plain","computed":true},"private_ip":{"type":"string","description":"Private IP address of network interface.","description_kind":"plain","computed":true}},"block_types":{"timeouts":{"nesting_mode":"single","block":{"attributes":{"default":{"type":"string","description_kind":"plain","optional":true}},"description_kind":"plain"}}},"description":"Provides an additional nic resource.","description_kind":"plain"}},"nifcloud_private_lan":{"version":0,"block":{"attributes":{"accounting_type":{"type":"string","description":"accounting type","description_kind":"plain","optional":true},"availability_zone":{"type":"string","description":"availability zone","description_kind":"plain","optional":true,"computed":true},"cidr_block":{"type":"string","description":"The CIDR IP Address.","description_kind":"plain","required":true},"description":{"type":"string","description":"The private lan description.","description_kind":"plain","optional":true},"id":{"type":"string","description_kind":"plain","optional":true,"computed":true},"network_id":{"type":"string","description":"The id for the private lan.","description_kind":"plain","computed":true},"private_lan_name":{"type":"string","description":"The name for the private lan.","description_kind":"plain","optional":true,"computed":true},"state":{"type":"string","description":"The state of the private lan.","description_kind":"plain","computed":true}},"block_types":{"timeouts":{"nesting_mode":"single","block":{"attributes":{"default":{"type":"string","description_kind":"plain","optional":true}},"description_kind":"plain"}}},"description":"Provides a private lan resource.","description_kind":"plain"}},"nifcloud_route_table":{"version":0,"block":{"attributes":{"id":{"type":"string","description_kind":"plain","optional":true,"computed":true},"route_table_id":{"type":"string","description":"The id of route table.","description_kind":"plain","computed":true}},"block_types":{"route":{"nesting_mode":"set","block":{"attributes":{"cidr_block":{"type":"string","description":"The destination IP address or CIDR.","description_kind":"plain","required":true},"ip_address":{"type":"string","description":"The target IP address.","description_kind":"plain","optional":true},"network_id":{"type":"string","description":"The id of target network; 'net-COMMON_GLOBAL' or `net-COMMON_PRIVATE` or private lan network id.","description_kind":"plain","optional":true},"network_name":{"type":"string","description":"The private lan name of target network.","description_kind":"plain","optional":true}},"description":"A list of route objects.","description_kind":"plain"}},"timeouts":{"nesting_mode":"single","block":{"attributes":{"default":{"type":"string","description_kind":"plain","optional":true}},"description_kind":"plain"}}},"description":"Provides a route table resource.","description_kind":"plain"}},"nifcloud_router":{"version":0,"block":{"attributes":{"accounting_type":{"type":"string","description":"Accounting type. (1: monthly, 2: pay per use).","description_kind":"plain","optional":true},"availability_zone":{"type":"string","description":"The availability zone.","description_kind":"plain","optional":true,"computed":true},"description":{"type":"string","description":"The router description.","description_kind":"plain","optional":true},"id":{"type":"string","description_kind":"plain","optional":true,"computed":true},"name":{"type":"string","description":"The router name.","description_kind":"plain","optional":true,"computed":true},"nat_table_association_id":{"type":"string","description":"The ID of the NAT table association.","description_kind":"plain","computed":true},"nat_table_id":{"type":"string","description":"The ID of the NAT table to attach.","description_kind":"plain","optional":true},"route_table_association_id":{"type":"string","description":"The ID of the route table association.","description_kind":"plain","computed":true},"route_table_id":{"type":"string","description":"The ID of the route table to attach.","description_kind":"plain","optional":true},"router_id":{"type":"string","description":"The unique ID of the router.","description_kind":"plain","computed":true},"security_group":{"type":"string","description":"The security group name to associate with; which can be managed using the nifcloud_security_group resource.","description_kind":"plain","optional":true},"type":{"type":"string","description":"The type of the router.","description_kind":"plain","optional":true}},"block_types":{"network_interface":{"nesting_mode":"set","block":{"attributes":{"dhcp":{"type":"bool","description":"The flag to enable or disable DHCP.","description_kind":"plain","optional":true},"dhcp_config_id":{"type":"string","description":"The ID of the DHCP config to attach.","description_kind":"plain","optional":true},"dhcp_options_id":{"type":"string","description":"The ID of the DHCP options to attach.","description_kind":"plain","optional":true},"ip_address":{"type":"string","description":"The IP address of the network interface.","description_kind":"plain","optional":true},"network_id":{"type":"string","description":"The ID of the network to attach; 'net-COMMON_GLOBAL' or `net-COMMON_PRIVATE` or private lan network id.","description_kind":"plain","optional":true},"network_name":{"type":"string","description":"The private lan name of the network to attach.","description_kind":"plain","optional":true}},"description_kind":"plain"},"min_items":1},"timeouts":{"nesting_mode":"single","block":{"attributes":{"create":{"type":"string","description_kind":"plain","optional":true},"default":{"type":"string","description_kind":"plain","optional":true},"delete":{"type":"string","description_kind":"plain","optional":true},"update":{"type":"string","description_kind":"plain","optional":true}},"description_kind":"plain"}}},"description":"Provides a router resource.","description_kind":"plain"}},"nifcloud_security_group":{"version":0,"block":{"attributes":{"availability_zone":{"type":"string","description":"The availability zone.","description_kind":"plain","required":true},"description":{"type":"string","description":"The security group description.","description_kind":"plain","optional":true},"group_name":{"type":"string","description":"The name for the security group.","description_kind":"plain","required":true},"id":{"type":"string","description_kind":"plain","optional":true,"computed":true},"log_limit":{"type":"number","description":"The number of log data for security group.","description_kind":"plain","optional":true},"revoke_rules_on_delete":{"type":"bool","description":"Instruct Terraform to revoke all of the Security Groups attached In and Out rules before deleting the rule itself. ","description_kind":"plain","optional":true}},"block_types":{"timeouts":{"nesting_mode":"single","block":{"attributes":{"default":{"type":"string","description_kind":"plain","optional":true},"delete":{"type":"string","description_kind":"plain","optional":true}},"description_kind":"plain"}}},"description":"Provides a security group resource.","description_kind":"plain"}},"nifcloud_security_group_rule":{"version":0,"block":{"attributes":{"cidr_ip":{"type":"string","description":"The CIDR IP Address. Cannot be specified with `source_security_group_name` .","description_kind":"plain","optional":true},"description":{"type":"string","description":"The security group rule description.","description_kind":"plain","optional":true},"from_port":{"type":"number","description":"The start port","description_kind":"plain","optional":true},"id":{"type":"string","description_kind":"plain","optional":true,"computed":true},"protocol":{"type":"string","description":"The protocol.","description_kind":"plain","optional":true},"security_group_names":{"type":["list","string"],"description":"The security group name list to apply this rule.","description_kind":"plain","required":true},"source_security_group_name":{"type":"string","description":"The security group name that allow access. Cannot be specified with `cidr_ip` .","description_kind":"plain","optional":true},"to_port":{"type":"number","description":"The end port","description_kind":"plain","optional":true},"type":{"type":"string","description":"The type of rule being created. Valid options are IN (Incoming) or OUT (Outgoing).","description_kind":"plain","optional":true}},"block_types":{"timeouts":{"nesting_mode":"single","block":{"attributes":{"default":{"type":"string","description_kind":"plain","optional":true}},"description_kind":"plain"}}},"description":"Provides a security group rule resource. Represents a single in or out group rule, which can be added to external Security Groups.","description_kind":"plain"}},"nifcloud_separate_instance_rule":{"version":0,"block":{"attributes":{"availability_zone":{"type":"string","description":"The availability zone.","description_kind":"plain","required":true},"description":{"type":"string","description":"The separate instance rule description.","description_kind":"plain","optional":true},"id":{"type":"string","description_kind":"plain","optional":true,"computed":true},"instance_id":{"type":["set","string"],"description":"The instance name.","description_kind":"plain","optional":true},"instance_unique_id":{"type":["set","string"],"description":"The unique ID of instance.","description_kind":"plain","optional":true},"name":{"type":"string","description":"The separate instance rule name.","description_kind":"plain","required":true}},"block_types":{"timeouts":{"nesting_mode":"single","block":{"attributes":{"default":{"type":"string","description_kind":"plain","optional":true}},"description_kind":"plain"}}},"description":"Provides a separate instance rule resource.","description_kind":"plain"}},"nifcloud_ssl_certificate":{"version":0,"block":{"attributes":{"ca":{"type":"string","description":"The certificate authority material.","description_kind":"plain","optional":true},"certificate":{"type":"string","description":"The certificate material.","description_kind":"plain","required":true},"description":{"type":"string","description":"The SSL certificate description.","description_kind":"plain","optional":true},"fqdn":{"type":"string","description":"The name for the certificate.","description_kind":"plain","computed":true},"fqdn_id":{"type":"string","description":"The unique identifier for the certificate.","description_kind":"plain","computed":true},"id":{"type":"string","description_kind":"plain","optional":true,"computed":true},"key":{"type":"string","description":"The private key material.","description_kind":"plain","required":true,"sensitive":true}},"block_types":{"timeouts":{"nesting_mode":"single","block":{"attributes":{"default":{"type":"string","description_kind":"plain","optional":true}},"description_kind":"plain"}}},"description":"Provides a ssl certificate resource.","description_kind":"plain"}},"nifcloud_volume":{"version":0,"block":{"attributes":{"accounting_type":{"type":"string","description":"Accounting type. (1: monthly, 2: pay per use).","description_kind":"plain","optional":true},"description":{"type":"string","description":"The elastic ip description.","description_kind":"plain","optional":true},"disk_type":{"type":"string","description":"The disk type.","description_kind":"plain","optional":true},"id":{"type":"string","description_kind":"plain","optional":true,"computed":true},"instance_id":{"type":"string","description":"The instance name.","description_kind":"plain","optional":true},"instance_unique_id":{"type":"string","description":"The unique ID of instance.","description_kind":"plain","optional":true},"reboot":{"type":"string","description":"The reboot type.","description_kind":"plain","optional":true},"size":{"type":"number","description":"The disk size.","description_kind":"plain","required":true},"volume_id":{"type":"string","description":"The volume name.","description_kind":"plain","optional":true,"computed":true}},"block_types":{"timeouts":{"nesting_mode":"single","block":{"attributes":{"default":{"type":"string","description_kind":"plain","optional":true},"update":{"type":"string","description_kind":"plain","optional":true}},"description_kind":"plain"}}},"description":"Provides a volume resource.","description_kind":"plain"}},"nifcloud_vpn_connection":{"version":0,"block":{"attributes":{"customer_gateway_id":{"type":"string","description":"The id for the customer gateway. Cannot be specified with customer_gateway_name.","description_kind":"plain","optional":true},"customer_gateway_name":{"type":"string","description":"The name for the customer gateway. Cannot be specified with customer_gateway_id.","description_kind":"plain","optional":true},"description":{"type":"string","description":"The vpn connection description.","description_kind":"plain","optional":true},"id":{"type":"string","description_kind":"plain","optional":true,"computed":true},"ipsec_config_diffie_hellman_group":{"type":"number","description":"The Diffie-Hellman Group for IKE and PFS.","description_kind":"plain","optional":true},"ipsec_config_encapsulating_security_payload_lifetime":{"type":"number","description":"The ESP SA expiration seconds for IPsec config.","description_kind":"plain","optional":true},"ipsec_config_encryption_algorithm":{"type":"string","description":"The encryption algorithm for IPsec config.","description_kind":"plain","optional":true},"ipsec_config_hash_algorithm":{"type":"string","description":"The hash algorithm for IPsec config.","description_kind":"plain","optional":true},"ipsec_config_internet_key_exchange":{"type":"string","description":"The IKE protocol for IPsec config.","description_kind":"plain","optional":true},"ipsec_config_internet_key_exchange_lifetime":{"type":"number","description":"The IKE SA expiration seconds for IPsec config.","description_kind":"plain","optional":true},"ipsec_config_pre_shared_key":{"type":"string","description":"The pre shared key for IPsec config.","description_kind":"plain","optional":true,"computed":true},"mtu":{"type":"string","description":"The MTU size for vpn connection.","description_kind":"plain","optional":true},"tunnel_destination_port":{"type":"string","description":"The port for the customer gateway tunnel.","description_kind":"plain","optional":true},"tunnel_encapsulation":{"type":"string","description":"The encapsulation of vpn connection.","description_kind":"plain","optional":true},"tunnel_id":{"type":"string","description":"The id for the vpn gateway tunnel.","description_kind":"plain","optional":true},"tunnel_mode":{"type":"string","description":"The mode of vpn connection tunnel; Unmanaged or Managed.","description_kind":"plain","optional":true},"tunnel_peer_id":{"type":"string","description":"The id for the customer gateway tunnel.","description_kind":"plain","optional":true},"tunnel_peer_session_id":{"type":"string","description":"The session id for the customer gateway tunnel.","description_kind":"plain","optional":true},"tunnel_session_id":{"type":"string","description":"The session id for the vpn gateway tunnel.","description_kind":"plain","optional":true},"tunnel_source_port":{"type":"string","description":"The port for the vpn gateway tunnel.","description_kind":"plain","optional":true},"tunnel_type":{"type":"string","description":"The type of vpn connection tunnel.","description_kind":"plain","optional":true},"type":{"type":"string","description":"The type of vpn connection.","description_kind":"plain","required":true},"vpn_connection_id":{"type":"string","description":"The id of the vpn connection.","description_kind":"plain","computed":true},"vpn_gateway_id":{"type":"string","description":"The id for the vpn gateway. Cannot be specified with vpn_gateway_name.","description_kind":"plain","optional":true},"vpn_gateway_name":{"type":"string","description":"The name for the vpn gateway. Cannot be specified with vpn_gateway_id.","description_kind":"plain","optional":true}},"block_types":{"timeouts":{"nesting_mode":"single","block":{"attributes":{"default":{"type":"string","description_kind":"plain","optional":true}},"description_kind":"plain"}}},"description":"Provides a vpn connection resource.","description_kind":"plain"}},"nifcloud_vpn_gateway":{"version":0,"block":{"attributes":{"accounting_type":{"type":"string","description":"The accounting type.","description_kind":"plain","optional":true},"availability_zone":{"type":"string","description":"The availability zone.","description_kind":"plain","optional":true},"description":{"type":"string","description":"The vpn gateway description.","description_kind":"plain","optional":true},"id":{"type":"string","description_kind":"plain","optional":true,"computed":true},"ip_address":{"type":"string","description":"The private ip address.","description_kind":"plain","optional":true},"name":{"type":"string","description":"The name for the vpn gateway.","description_kind":"plain","optional":true},"network_id":{"type":"string","description":"The id for the network.","description_kind":"plain","optional":true},"network_name":{"type":"string","description":"The name for the network.","description_kind":"plain","optional":true},"public_ip_address":{"type":"string","description":"The public ip address.","description_kind":"plain","computed":true},"route_table_association_id":{"type":"string","description":"The ID of the route table association.","description_kind":"plain","computed":true},"route_table_id":{"type":"string","description":"The ID of the route table to attach.","description_kind":"plain","optional":true},"security_group":{"type":"string","description":"The name of firewall group.","description_kind":"plain","optional":true},"type":{"type":"string","description":"The type of vpn gateway.","description_kind":"plain","optional":true},"vpn_gateway_id":{"type":"string","description":"The id for the vpn gateway.","description_kind":"plain","computed":true}},"block_types":{"timeouts":{"nesting_mode":"single","block":{"attributes":{"create":{"type":"string","description_kind":"plain","optional":true},"default":{"type":"string","description_kind":"plain","optional":true},"delete":{"type":"string","description_kind":"plain","optional":true},"update":{"type":"string","description_kind":"plain","optional":true}},"description_kind":"plain"}}},"description":"Provides a vpn gateway resource.","description_kind":"plain"}},"nifcloud_web_proxy":{"version":0,"block":{"attributes":{"bypass_interface_network_id":{"type":"string","description":"The id for the by pass network.","description_kind":"plain","optional":true,"computed":true},"bypass_interface_network_name":{"type":"string","description":"The name for the by pass network","description_kind":"plain","optional":true,"computed":true},"description":{"type":"string","description":"The web proxy description.","description_kind":"plain","optional":true},"id":{"type":"string","description_kind":"plain","optional":true,"computed":true},"listen_interface_network_id":{"type":"string","description":"The id for the listen network. listen_interface_network_name and either is required.","description_kind":"plain","optional":true,"computed":true},"listen_interface_network_name":{"type":"string","description":"The name for the listen network. listen_interface_network_id and either is required.","description_kind":"plain","optional":true,"computed":true},"listen_port":{"type":"string","description":"The port of web proxy.","description_kind":"plain","required":true},"name_server":{"type":"string","description":"The ip address for dns server.","description_kind":"plain","optional":true,"computed":true},"router_id":{"type":"string","description":"The id for the router. router_name and either is required.","description_kind":"plain","optional":true,"computed":true},"router_name":{"type":"string","description":"The name for the router. route_id and either is required.","description_kind":"plain","optional":true,"computed":true}},"block_types":{"timeouts":{"nesting_mode":"single","block":{"attributes":{"default":{"type":"string","description_kind":"plain","optional":true},"delete":{"type":"string","description_kind":"plain","optional":true}},"description_kind":"plain"}}},"description":"Provides a web proxy resource.","description_kind":"plain"}}},"data_source_schemas":{"nifcloud_image":{"version":0,"block":{"attributes":{"id":{"type":"string","description_kind":"plain","optional":true,"computed":true},"image_id":{"type":"string","description":"The id of image.","description_kind":"plain","computed":true},"image_name":{"type":"string","description":"The name of image.","description_kind":"plain","required":true},"owner":{"type":"string","description":"The image owner; valid values: `niftycloud` (standard image) `self` (current account) `other` (other user).","description_kind":"plain","optional":true}},"block_types":{"timeouts":{"nesting_mode":"single","block":{"attributes":{"default":{"type":"string","description_kind":"plain","optional":true}},"description_kind":"plain"}}},"description":"Use this data source to get the ID of a image for use in nifcloud_instance resources.","description_kind":"plain"}}}}}}
