{"format_version":"0.2","provider_schemas":{"registry.terraform.io/nint8835/gatsby":{"provider":{"version":0,"block":{"description_kind":"plain"}},"resource_schemas":{"gatsby_page":{"version":0,"block":{"attributes":{"contents":{"type":"string","description_kind":"plain","required":true},"frontmatter":{"type":["map","string"],"description_kind":"plain","optional":true},"id":{"type":"string","description_kind":"plain","optional":true,"computed":true},"page_text":{"type":"string","description_kind":"plain","computed":true}},"description_kind":"plain"}},"gatsby_text_bold":{"version":0,"block":{"attributes":{"contents":{"type":"string","description_kind":"plain","computed":true},"id":{"type":"string","description_kind":"plain","optional":true,"computed":true},"text":{"type":"string","description_kind":"plain","required":true}},"description_kind":"plain"}},"gatsby_text_code":{"version":0,"block":{"attributes":{"code":{"type":"string","description_kind":"plain","required":true},"contents":{"type":"string","description_kind":"plain","computed":true},"id":{"type":"string","description_kind":"plain","optional":true,"computed":true},"language":{"type":"string","description_kind":"plain","optional":true},"multiline":{"type":"bool","description_kind":"plain","optional":true}},"description_kind":"plain"}},"gatsby_text_heading":{"version":0,"block":{"attributes":{"contents":{"type":"string","description_kind":"plain","computed":true},"id":{"type":"string","description_kind":"plain","optional":true,"computed":true},"level":{"type":"number","description_kind":"plain","optional":true},"text":{"type":"string","description_kind":"plain","required":true}},"description_kind":"plain"}},"gatsby_text_horizontal_rule":{"version":0,"block":{"attributes":{"contents":{"type":"string","description_kind":"plain","computed":true},"id":{"type":"string","description_kind":"plain","optional":true,"computed":true}},"description_kind":"plain"}},"gatsby_text_image":{"version":0,"block":{"attributes":{"alt_text":{"type":"string","description_kind":"plain","required":true},"contents":{"type":"string","description_kind":"plain","computed":true},"id":{"type":"string","description_kind":"plain","optional":true,"computed":true},"path":{"type":"string","description_kind":"plain","required":true}},"description_kind":"plain"}},"gatsby_text_italic":{"version":0,"block":{"attributes":{"contents":{"type":"string","description_kind":"plain","computed":true},"id":{"type":"string","description_kind":"plain","optional":true,"computed":true},"text":{"type":"string","description_kind":"plain","required":true}},"description_kind":"plain"}},"gatsby_text_link":{"version":0,"block":{"attributes":{"contents":{"type":"string","description_kind":"plain","computed":true},"id":{"type":"string","description_kind":"plain","optional":true,"computed":true},"label":{"type":"string","description_kind":"plain","optional":true},"url":{"type":"string","description_kind":"plain","required":true}},"description_kind":"plain"}},"gatsby_text_list":{"version":0,"block":{"attributes":{"contents":{"type":"string","description_kind":"plain","computed":true},"id":{"type":"string","description_kind":"plain","optional":true,"computed":true},"items":{"type":["list","string"],"description_kind":"plain","required":true},"prefix":{"type":"string","description_kind":"plain","optional":true},"separator":{"type":"string","description_kind":"plain","optional":true}},"description_kind":"plain"}}}}}}
