{"format_version":"0.2","provider_schemas":{"registry.terraform.io/nlamirault/papertrail":{"provider":{"version":0,"block":{"attributes":{"token":{"type":"string","description":"X-Papertrail-Token","description_kind":"plain","optional":true,"sensitive":true}},"description_kind":"plain"}},"resource_schemas":{"papertrail_group":{"version":1,"block":{"attributes":{"id":{"type":"string","description_kind":"plain","optional":true,"computed":true},"name":{"type":"string","description_kind":"plain","required":true},"system_wildcard":{"type":"string","description_kind":"plain","optional":true}},"description_kind":"plain"}},"papertrail_search":{"version":1,"block":{"attributes":{"group_id":{"type":"number","description_kind":"plain","required":true},"id":{"type":"string","description_kind":"plain","optional":true,"computed":true},"name":{"type":"string","description_kind":"plain","required":true},"query":{"type":"string","description_kind":"plain","required":true}},"description_kind":"plain"}},"papertrail_system":{"version":1,"block":{"attributes":{"description":{"type":"string","description_kind":"plain","optional":true},"destination_id":{"type":"number","description_kind":"plain","optional":true},"destination_port":{"type":"number","description_kind":"plain","optional":true},"hostname":{"type":"string","description_kind":"plain","optional":true},"id":{"type":"string","description_kind":"plain","optional":true,"computed":true},"ip_address":{"type":"string","description_kind":"plain","optional":true},"last_event_at":{"type":"string","description_kind":"plain","computed":true},"name":{"type":"string","description_kind":"plain","required":true},"syslog_hostname":{"type":"string","description_kind":"plain","computed":true},"syslog_port":{"type":"number","description_kind":"plain","computed":true}},"description_kind":"plain"}},"papertrail_system_group":{"version":1,"block":{"attributes":{"group_id":{"type":"string","description_kind":"plain","required":true},"id":{"type":"string","description_kind":"plain","optional":true,"computed":true},"index":{"type":"number","description_kind":"plain","computed":true},"system_id":{"type":"string","description_kind":"plain","required":true}},"description_kind":"plain"}}},"data_source_schemas":{"papertrail_log_destination":{"version":0,"block":{"attributes":{"description":{"type":"string","description_kind":"plain","computed":true},"hostname":{"type":"string","description_kind":"plain","computed":true},"id":{"type":"number","description_kind":"plain","optional":true},"port":{"type":"number","description_kind":"plain","optional":true}},"description_kind":"plain"}},"papertrail_user":{"version":0,"block":{"attributes":{"email":{"type":"string","description_kind":"plain","required":true},"id":{"type":"string","description_kind":"plain","optional":true,"computed":true}},"description_kind":"plain"}}}}}}
