{"format_version":"0.2","provider_schemas":{"registry.terraform.io/nolte/harbor":{"provider":{"version":0,"block":{"attributes":{"basepath":{"type":"string","description_kind":"plain","optional":true},"host":{"type":"string","description_kind":"plain","optional":true},"insecure":{"type":"string","description_kind":"plain","optional":true},"password":{"type":"string","description_kind":"plain","required":true},"schema":{"type":"string","description_kind":"plain","optional":true},"username":{"type":"string","description_kind":"plain","required":true}},"description_kind":"plain"}},"resource_schemas":{"harbor_config_auth":{"version":0,"block":{"attributes":{"auth_mode":{"type":"string","description_kind":"plain","required":true},"id":{"type":"string","description_kind":"plain","optional":true,"computed":true},"oidc_client_id":{"type":"string","description_kind":"plain","optional":true},"oidc_client_secret":{"type":"string","description_kind":"plain","optional":true,"sensitive":true},"oidc_endpoint":{"type":"string","description_kind":"plain","optional":true},"oidc_groups_claim":{"type":"string","description_kind":"plain","optional":true},"oidc_name":{"type":"string","description_kind":"plain","optional":true},"oidc_scope":{"type":"string","description_kind":"plain","optional":true},"oidc_verify_cert":{"type":"bool","description_kind":"plain","optional":true}},"description_kind":"plain"}},"harbor_config_email":{"version":0,"block":{"attributes":{"email_from":{"type":"string","description_kind":"plain","required":true},"email_host":{"type":"string","description_kind":"plain","required":true},"email_password":{"type":"string","description_kind":"plain","optional":true,"sensitive":true},"email_port":{"type":"number","description_kind":"plain","required":true},"email_ssl":{"type":"bool","description_kind":"plain","optional":true},"email_username":{"type":"string","description_kind":"plain","optional":true},"id":{"type":"string","description_kind":"plain","optional":true,"computed":true}},"description_kind":"plain"}},"harbor_config_system":{"version":0,"block":{"attributes":{"id":{"type":"string","description_kind":"plain","optional":true,"computed":true},"project_creation_restriction":{"type":"string","description_kind":"plain","optional":true},"read_only":{"type":"bool","description_kind":"plain","optional":true},"robot_token_expiration":{"type":"number","description_kind":"plain","optional":true}},"description_kind":"plain"}},"harbor_label":{"version":0,"block":{"attributes":{"color":{"type":"string","description_kind":"plain","optional":true},"deleted":{"type":"bool","description_kind":"plain","optional":true},"description":{"type":"string","description_kind":"plain","optional":true},"id":{"type":"string","description_kind":"plain","optional":true,"computed":true},"name":{"type":"string","description_kind":"plain","required":true},"project_id":{"type":"number","description_kind":"plain","optional":true},"scope":{"type":"string","description_kind":"plain","optional":true}},"description_kind":"plain"}},"harbor_project":{"version":0,"block":{"attributes":{"cve_whitelist":{"type":["list","string"],"description_kind":"plain","optional":true},"id":{"type":"string","description_kind":"plain","optional":true,"computed":true},"name":{"type":"string","description_kind":"plain","required":true},"public":{"type":"bool","description_kind":"plain","optional":true},"reuse_sys_cve_whitelist":{"type":"bool","description_kind":"plain","optional":true},"vulnerability_scanning":{"type":"bool","description_kind":"plain","optional":true}},"description_kind":"plain"}},"harbor_project_member":{"version":0,"block":{"attributes":{"group_name":{"type":"string","description_kind":"plain","optional":true},"group_type":{"type":"string","description_kind":"plain","optional":true},"id":{"type":"string","description_kind":"plain","optional":true,"computed":true},"project_id":{"type":"number","description_kind":"plain","required":true},"role":{"type":"string","description_kind":"plain","required":true}},"description_kind":"plain"}},"harbor_registry":{"version":0,"block":{"attributes":{"access_key":{"type":"string","description_kind":"plain","optional":true},"access_secret":{"type":"string","description_kind":"plain","optional":true,"sensitive":true},"credential_type":{"type":"string","description_kind":"plain","optional":true},"description":{"type":"string","description_kind":"plain","optional":true},"id":{"type":"string","description_kind":"plain","optional":true,"computed":true},"insecure":{"type":"bool","description_kind":"plain","optional":true},"name":{"type":"string","description_kind":"plain","required":true},"type":{"type":"string","description_kind":"plain","required":true},"url":{"type":"string","description_kind":"plain","required":true}},"description_kind":"plain"}},"harbor_replication":{"version":0,"block":{"attributes":{"description":{"type":"string","description":"Will be displayed in harbor","description_kind":"plain","optional":true},"destination_namespace":{"type":"string","description":"Destination namespace Specify the destination namespace.\n                    If empty, the resources will be put under the same namespace as the source.","description_kind":"plain","optional":true},"destination_registry_id":{"type":"number","description":"The Id from the destination registry used for push-based replication policies","description_kind":"plain","optional":true},"enabled":{"type":"bool","description_kind":"plain","optional":true},"id":{"type":"string","description_kind":"plain","optional":true,"computed":true},"name":{"type":"string","description":"Name from the Replication Policy","description_kind":"plain","required":true},"override":{"type":"bool","description":"Specify whether to override the resources at the destination\n                if a resource with the same name exists.","description_kind":"plain","optional":true},"source_registry_filter_name":{"type":"string","description":"\n                    Filter the name of the resource.\n                    Leave empty or use '**' to match all. 'library/**' only matches resources under 'library'.\n                    For more patterns, please refer to the user guide.\n                ","description_kind":"plain","optional":true},"source_registry_filter_tag":{"type":"string","description":"\n                    Filter the tag/version part of the resources.\n                    Leave empty or use '**' to match all. '1.0*' only matches the tags that starts with '1.0'.\n                    For more patterns, please refer to the user guide.\n                ","description_kind":"plain","optional":true},"source_registry_id":{"type":"number","description":"Pull the resources from the remote registry to the local Harbor.","description_kind":"plain","optional":true},"trigger_cron":{"type":"string","description_kind":"plain","optional":true},"trigger_mode":{"type":"string","description":"Can be manual,scheduled and for push-based addition event_based","description_kind":"plain","optional":true}},"description_kind":"plain"}},"harbor_retention_policy":{"version":0,"block":{"attributes":{"algorithm":{"type":"string","description_kind":"plain","optional":true},"id":{"type":"string","description_kind":"plain","optional":true,"computed":true}},"block_types":{"rule":{"nesting_mode":"list","block":{"attributes":{"action":{"type":"string","description_kind":"plain","computed":true},"disabled":{"type":"bool","description_kind":"plain","optional":true},"id":{"type":"number","description_kind":"plain","computed":true},"params":{"type":["map","number"],"description_kind":"plain","optional":true},"priority":{"type":"number","description_kind":"plain","computed":true},"template":{"type":"string","description_kind":"plain","required":true}},"block_types":{"scope_selectors":{"nesting_mode":"list","block":{"block_types":{"repository":{"nesting_mode":"list","block":{"attributes":{"decoration":{"type":"string","description_kind":"plain","required":true},"extras":{"type":"string","description_kind":"plain","optional":true},"kind":{"type":"string","description_kind":"plain","optional":true},"pattern":{"type":"string","description_kind":"plain","required":true}},"description_kind":"plain"},"min_items":1,"max_items":1}},"description_kind":"plain"},"min_items":1,"max_items":1},"tag_selectors":{"nesting_mode":"list","block":{"attributes":{"decoration":{"type":"string","description_kind":"plain","required":true},"extras":{"type":"string","description_kind":"plain","optional":true},"kind":{"type":"string","description_kind":"plain","optional":true},"pattern":{"type":"string","description_kind":"plain","required":true}},"description_kind":"plain"},"min_items":1,"max_items":1}},"description_kind":"plain"},"min_items":1},"scope":{"nesting_mode":"list","block":{"attributes":{"level":{"type":"string","description_kind":"plain","optional":true},"ref":{"type":"number","description_kind":"plain","required":true}},"description_kind":"plain"},"min_items":1,"max_items":1},"trigger":{"nesting_mode":"list","block":{"attributes":{"kind":{"type":"string","description_kind":"plain","optional":true}},"block_types":{"references":{"nesting_mode":"list","block":{"attributes":{"job_id":{"type":"number","description_kind":"plain","computed":true}},"description_kind":"plain"},"max_items":1},"settings":{"nesting_mode":"list","block":{"attributes":{"cron":{"type":"string","description_kind":"plain","optional":true}},"description_kind":"plain"},"min_items":1,"max_items":1}},"description_kind":"plain"},"min_items":1,"max_items":1}},"description_kind":"plain"}},"harbor_robot_account":{"version":0,"block":{"attributes":{"actions":{"type":["list","string"],"description_kind":"plain","optional":true},"description":{"type":"string","description_kind":"plain","optional":true},"disabled":{"type":"bool","description_kind":"plain","computed":true},"id":{"type":"string","description_kind":"plain","optional":true,"computed":true},"name":{"type":"string","description_kind":"plain","required":true},"project_id":{"type":"number","description_kind":"plain","required":true},"token":{"type":"string","description_kind":"plain","computed":true,"sensitive":true}},"description_kind":"plain"}},"harbor_tasks":{"version":0,"block":{"attributes":{"id":{"type":"string","description_kind":"plain","optional":true,"computed":true},"vulnerability_scan_policy":{"type":"string","description_kind":"plain","required":true}},"description_kind":"plain"}},"harbor_usergroup":{"version":0,"block":{"attributes":{"id":{"type":"string","description_kind":"plain","optional":true,"computed":true},"ldap_dn":{"type":"string","description_kind":"plain","optional":true},"name":{"type":"string","description_kind":"plain","required":true},"type":{"type":"string","description_kind":"plain","required":true}},"description_kind":"plain"}}},"data_source_schemas":{"harbor_label":{"version":0,"block":{"attributes":{"color":{"type":"string","description_kind":"plain","optional":true,"computed":true},"deleted":{"type":"bool","description_kind":"plain","optional":true,"computed":true},"description":{"type":"string","description_kind":"plain","optional":true,"computed":true},"id":{"type":"number","description_kind":"plain","optional":true,"computed":true},"name":{"type":"string","description_kind":"plain","optional":true,"computed":true},"project_id":{"type":"number","description_kind":"plain","optional":true,"computed":true},"scope":{"type":"string","description_kind":"plain","optional":true,"computed":true}},"description_kind":"plain"}},"harbor_project":{"version":0,"block":{"attributes":{"cve_whitelist":{"type":["list","string"],"description_kind":"plain","optional":true},"id":{"type":"number","description_kind":"plain","optional":true,"computed":true},"name":{"type":"string","description_kind":"plain","optional":true,"computed":true},"public":{"type":"bool","description_kind":"plain","optional":true,"computed":true},"reuse_sys_cve_whitelist":{"type":"bool","description_kind":"plain","optional":true},"vulnerability_scanning":{"type":"bool","description_kind":"plain","optional":true,"computed":true}},"description_kind":"plain"}},"harbor_registry":{"version":0,"block":{"attributes":{"access_key":{"type":"string","description_kind":"plain","optional":true},"access_secret":{"type":"string","description_kind":"plain","optional":true,"sensitive":true},"credential_type":{"type":"string","description_kind":"plain","optional":true},"description":{"type":"string","description_kind":"plain","optional":true,"computed":true},"id":{"type":"number","description_kind":"plain","optional":true,"computed":true},"insecure":{"type":"bool","description_kind":"plain","optional":true,"computed":true},"name":{"type":"string","description_kind":"plain","optional":true,"computed":true},"type":{"type":"string","description_kind":"plain","optional":true,"computed":true},"url":{"type":"string","description_kind":"plain","optional":true,"computed":true}},"description_kind":"plain"}}}}}}
