{"format_version":"0.2","provider_schemas":{"registry.terraform.io/notchairmk/azureparse":{"provider":{"version":0,"block":{"attributes":{"client_id":{"type":"string","description":"The Client ID which should be used.","description_kind":"plain","optional":true},"client_secret":{"type":"string","description":"The Client Secret which should be used. For use When authenticating as a Service Principal using a Client Secret.","description_kind":"plain","optional":true},"subscription_id":{"type":"string","description":"The Subscription ID which should be used.","description_kind":"plain","optional":true},"tenant_id":{"type":"string","description":"The Tenant ID which should be used.","description_kind":"plain","optional":true}},"description_kind":"plain"}},"resource_schemas":{"azureparse_resource_group":{"version":0,"block":{"attributes":{"id":{"type":"string","description_kind":"plain","optional":true,"computed":true},"network_security_groups":{"type":["list",["object",{"id":"string","name":"string"}]],"description_kind":"plain","computed":true},"resource_group_id":{"type":"string","description_kind":"plain","optional":true,"computed":true},"resource_group_name":{"type":"string","description_kind":"plain","required":true},"route_tables":{"type":["list",["object",{"id":"string","name":"string"}]],"description_kind":"plain","computed":true}},"description_kind":"plain"}}}}}}
