{"format_version":"0.2","provider_schemas":{"registry.terraform.io/novisto/bitwarden":{"provider":{"version":0,"block":{"attributes":{"password":{"type":"string","description_kind":"plain","optional":true,"sensitive":true}},"description_kind":"plain"}},"resource_schemas":{"bitwarden_secure_note":{"version":0,"block":{"attributes":{"collection_ids":{"type":["list","string"],"description_kind":"plain","required":true},"favorite":{"type":"bool","description_kind":"plain","optional":true},"folder_id":{"type":"string","description_kind":"plain","optional":true},"id":{"type":"string","description_kind":"plain","computed":true},"name":{"type":"string","description_kind":"plain","required":true},"notes":{"type":"string","description_kind":"plain","required":true},"object":{"type":"string","description_kind":"plain","computed":true},"organization_id":{"type":"string","description_kind":"plain","required":true},"reprompt":{"type":"bool","description_kind":"plain","optional":true},"revision_date":{"type":"string","description_kind":"plain","computed":true},"type":{"type":"number","description_kind":"plain","computed":true}},"description_kind":"plain"}}}}}}
