{"format_version":"0.2","provider_schemas":{"registry.terraform.io/nsofnetworks/pfptmeta":{"provider":{"version":0,"block":{"attributes":{"api_key":{"type":"string","description":"Alternatively use the `PFPTMETA_API_KEY` env variable","description_kind":"plain","optional":true},"api_secret":{"type":"string","description":"Alternatively use the `PFPTMETA_API_SECRET` env variable","description_kind":"plain","optional":true,"sensitive":true},"org_shortname":{"type":"string","description":"Alternatively use the `PFPTMETA_ORG_SHORTNAME` env variable","description_kind":"plain","optional":true}},"description_kind":"plain"}},"resource_schemas":{"pfptmeta_network_element":{"version":0,"block":{"attributes":{"aliases":{"type":["list","string"],"description_kind":"plain","computed":true},"auto_aliases":{"type":["list","string"],"description_kind":"plain","computed":true},"created_at":{"type":"string","description_kind":"plain","computed":true},"description":{"type":"string","description_kind":"plain","optional":true},"dns_name":{"type":"string","description_kind":"plain","computed":true},"enabled":{"type":"bool","description":"Not allowed for mapped service and mapped domain","description_kind":"plain","optional":true},"expires_at":{"type":"string","description_kind":"plain","computed":true},"groups":{"type":["list","string"],"description_kind":"plain","computed":true},"id":{"type":"string","description_kind":"plain","computed":true},"mapped_domains":{"type":["list",["object",{"mapped_domain":"string","name":"string"}]],"description":"DNS suffixes to be resolved within this Mapped Subnet","description_kind":"plain","computed":true},"mapped_hosts":{"type":["list",["object",{"mapped_host":"string","name":"string"}]],"description":"Additional domain names for specific hosts in the mapped subnet","description_kind":"plain","computed":true},"mapped_service":{"type":"string","description_kind":"plain","optional":true},"mapped_subnets":{"type":["set","string"],"description":"CIDRs that will be mapped to the subnet","description_kind":"plain","optional":true},"modified_at":{"type":"string","description_kind":"plain","computed":true},"name":{"type":"string","description_kind":"plain","required":true},"net_id":{"type":"number","description_kind":"plain","computed":true},"tags":{"type":["map","string"],"description":"Key/value attributes that can be used to group elements together to Smart Groups, and placed as target or sources in Policies","description_kind":"plain","optional":true},"type":{"type":"string","description_kind":"plain","computed":true}},"description":"Mapped subnets are subnets available to the users within the local network, residing behind the MetaPort. When you create a mapped subnet, you define a CIDR and attach the subnet to a MetaPort. Optionally, you can define a dedicated host, residing on the subnet.","description_kind":"plain"}}},"data_source_schemas":{"pfptmeta_network_element":{"version":0,"block":{"attributes":{"aliases":{"type":["list","string"],"description_kind":"plain","computed":true},"auto_aliases":{"type":["list","string"],"description_kind":"plain","computed":true},"created_at":{"type":"string","description_kind":"plain","computed":true},"description":{"type":"string","description_kind":"plain","computed":true},"dns_name":{"type":"string","description_kind":"plain","computed":true},"enabled":{"type":"bool","description":"Not allowed for mapped service and mapped domain","description_kind":"plain","computed":true},"expires_at":{"type":"string","description_kind":"plain","computed":true},"groups":{"type":["list","string"],"description_kind":"plain","computed":true},"id":{"type":"string","description_kind":"plain","required":true},"mapped_domains":{"type":["list",["object",{"mapped_domain":"string","name":"string"}]],"description":"DNS suffixes to be resolved within this Mapped Subnet","description_kind":"plain","computed":true},"mapped_hosts":{"type":["list",["object",{"mapped_host":"string","name":"string"}]],"description":"Additional domain names for specific hosts in the mapped subnet","description_kind":"plain","computed":true},"mapped_service":{"type":"string","description_kind":"plain","computed":true},"mapped_subnets":{"type":["set","string"],"description":"CIDRs that will be mapped to the subnet","description_kind":"plain","computed":true},"modified_at":{"type":"string","description_kind":"plain","computed":true},"name":{"type":"string","description_kind":"plain","computed":true},"net_id":{"type":"number","description_kind":"plain","computed":true},"tags":{"type":["map","string"],"description":"Key/value attributes that can be used to group elements together to Smart Groups, and placed as target or sources in Policies","description_kind":"plain","computed":true},"type":{"type":"string","description_kind":"plain","computed":true}},"description":"Mapped subnets are subnets available to the users within the local network, residing behind the MetaPort. When you create a mapped subnet, you define a CIDR and attach the subnet to a MetaPort. Optionally, you can define a dedicated host, residing on the subnet.","description_kind":"plain"}}}}}}
