{"format_version":"0.2","provider_schemas":{"registry.terraform.io/nzolot/freeipa":{"provider":{"version":0,"block":{"attributes":{"host":{"type":"string","description":"The FreeIPA host","description_kind":"plain","optional":true},"insecure":{"type":"bool","description":"Whether to verify the server's SSL certificate","description_kind":"plain","optional":true},"password":{"type":"string","description":"Password to use for connection","description_kind":"plain","optional":true},"username":{"type":"string","description":"Username to use for connection","description_kind":"plain","optional":true}},"description_kind":"plain"}},"resource_schemas":{"freeipa_dns_record":{"version":0,"block":{"attributes":{"dnsclass":{"type":"string","description_kind":"plain","optional":true},"dnsttl":{"type":"number","description_kind":"plain","optional":true},"dnszoneidnsname":{"type":"string","description_kind":"plain","required":true},"id":{"type":"string","description_kind":"plain","optional":true,"computed":true},"idnsname":{"type":"string","description_kind":"plain","required":true},"records":{"type":["set","string"],"description_kind":"plain","required":true},"type":{"type":"string","description_kind":"plain","required":true}},"description_kind":"plain"}},"freeipa_host":{"version":0,"block":{"attributes":{"description":{"type":"string","description_kind":"plain","optional":true},"force":{"type":"bool","description_kind":"plain","optional":true},"fqdn":{"type":"string","description_kind":"plain","required":true},"id":{"type":"string","description_kind":"plain","optional":true,"computed":true},"random":{"type":"bool","description_kind":"plain","optional":true},"randompassword":{"type":"string","description_kind":"plain","computed":true},"userpassword":{"type":"string","description_kind":"plain","optional":true}},"description_kind":"plain"}}}}}}
