{"format_version":"0.2","provider_schemas":{"registry.terraform.io/ojford/mullvad":{"provider":{"version":0,"block":{"attributes":{"account_id":{"type":"string","description":"Secret account ID used to authenticate with the API. (Required if `mullvad_account` resource is not used.)","description_kind":"plain","optional":true,"sensitive":true}},"description_kind":"plain"}},"resource_schemas":{"mullvad_account":{"version":0,"block":{"attributes":{"expires_at":{"type":"string","description":"Timestamp (RFC3339) at which the account expires, without new payment.","description_kind":"plain","computed":true},"id":{"type":"string","description":"The (secret) Mullvad account ID.","description_kind":"plain","computed":true,"sensitive":true},"is_active":{"type":"bool","description":"Whether the Mullvad account is active.","description_kind":"plain","computed":true},"is_subscription_unpaid":{"type":"bool","description":"Whether payment is due on the subscription method (if applicable).","description_kind":"plain","computed":true},"max_forwarding_ports":{"type":"number","description":"Maximum number of forwarding ports which may be configured.","description_kind":"plain","computed":true},"max_wireguard_peers":{"type":"number","description":"Maximum number of WireGuard peers which may be configured.","description_kind":"plain","computed":true},"subscription_method":{"type":"string","description":"Method used to pay the subscription, if there is one.","description_kind":"plain","computed":true}},"description":"Provides access to a Mullvad account. Required if the provider is not configured with an `account_id`.","description_kind":"plain"}},"mullvad_port_forward":{"version":0,"block":{"attributes":{"city_code":{"type":"string","description":"Mullvad's code for the city in which the relay to which the forwarding target will connect is located, e.g. `\"lon\"` for London.","description_kind":"plain","required":true},"country_code":{"type":"string","description":"Country code (ISO3166-1 Alpha-2) in which the relay to which the forwarding target will connect is located.","description_kind":"plain","required":true},"id":{"type":"string","description_kind":"plain","optional":true,"computed":true},"peer":{"type":"string","description":"The public key of the WireGuard peer, if any, to assign forward this port to. (Required for WireGuard; not applicable for OpenVPN connections.","description_kind":"plain","optional":true},"port":{"type":"number","description":"The integer value of the port that will be forwarded.","description_kind":"plain","computed":true}},"description":"Provides a Mullvad port forward resource. This can be used to create, read, update, and delete forwarding ports on your Mullvad account.","description_kind":"plain"}},"mullvad_wireguard":{"version":0,"block":{"attributes":{"created":{"type":"string","description":"The date the peer was registered.","description_kind":"plain","computed":true},"id":{"type":"string","description_kind":"plain","optional":true,"computed":true},"ipv4_address":{"type":"string","description":"The IPv4 address the registered peer may use (its `AllowedIPs` value to Mullvad's peers).","description_kind":"plain","computed":true},"ipv6_address":{"type":"string","description":"The IPv6 address the registered peer may use (its `AllowedIPs` value to Mullvad's peers).","description_kind":"plain","computed":true},"ports":{"type":["list","number"],"description":"The ports forwarded for the registered peer.","description_kind":"plain","computed":true},"public_key":{"type":"string","description":"The public key of the WireGuard peer to register.","description_kind":"plain","required":true}},"description":"Provides a Mullvad WireGuard resource. This can be used to create, read, and delete WireGuard keys on your Mullvad account.","description_kind":"plain"}}},"data_source_schemas":{"mullvad_account":{"version":0,"block":{"attributes":{"expires_at":{"type":"string","description":"Timestamp (RFC3339) at which the account expires, without new payment.","description_kind":"plain","computed":true},"id":{"type":"string","description":"The (secret) Mullvad account ID.","description_kind":"plain","computed":true,"sensitive":true},"is_active":{"type":"bool","description":"Whether the Mullvad account is active.","description_kind":"plain","computed":true},"is_subscription_unpaid":{"type":"bool","description":"Whether payment is due on the subscription method (if applicable).","description_kind":"plain","computed":true},"max_forwarding_ports":{"type":"number","description":"Maximum number of forwarding ports which may be configured.","description_kind":"plain","computed":true},"max_wireguard_peers":{"type":"number","description":"Maximum number of WireGuard peers which may be configured.","description_kind":"plain","computed":true},"subscription_method":{"type":"string","description":"Method used to pay the subscription, if there is one.","description_kind":"plain","computed":true}},"description":"Information about the Mullvad account.","description_kind":"plain"}},"mullvad_city":{"version":0,"block":{"attributes":{"city_code":{"type":"string","description":"The 3-letter code used to refer to the city in Mullvad's API.","description_kind":"plain","computed":true},"country_code":{"type":"string","description":"The ISO3166-1 Alpha-2 country code.","description_kind":"plain","computed":true},"id":{"type":"string","description_kind":"plain","optional":true,"computed":true},"name":{"type":"string","description":"Name of the city to lookup.","description_kind":"plain","required":true}},"description":"Mullvad location codes by city name.","description_kind":"plain"}},"mullvad_relay":{"version":0,"block":{"attributes":{"id":{"type":"string","description_kind":"plain","optional":true,"computed":true},"relays":{"type":["list",["object",{"city_code":"string","city_name":"string","country_code":"string","country_name":"string","hostname":"string","ipv4_address":"string","ipv6_address":"string","is_active":"bool","is_owned":"bool","multihop_port":"number","provider":"string","public_key":"string","socks_name":"string","ssh_fingerprint_md5":"string","ssh_fingerprint_sha256":"string","status_messages":["list","string"],"type":"string"}]],"description":"List of the (filtered) available relays.","description_kind":"plain","computed":true}},"block_types":{"filter":{"nesting_mode":"set","block":{"attributes":{"city_name":{"type":"string","description":"City in which the returned relays should be located.","description_kind":"plain","optional":true},"country_code":{"type":"string","description":"Country code (ISO3166-1 Alpha-2) in which the returned relays should be located.","description_kind":"plain","optional":true},"type":{"type":"string","description":"Type of VPN that the returned relays should be operating - e.g. `\"wireguard\"`, `\"openvpn\"`.","description_kind":"plain","optional":true}},"description":"Filter to apply to the available relays.","description_kind":"plain"}}},"description":"Optionally filtered list of Mullvad servers.","description_kind":"plain"}}}}}}
