{"format_version":"0.2","provider_schemas":{"registry.terraform.io/ojford/wireguard":{"provider":{"version":0,"block":{"description_kind":"plain"}},"resource_schemas":{"wireguard_asymmetric_key":{"version":0,"block":{"attributes":{"bind":{"type":"string","description":"A string to tie the lifecycle to, e.g. the terraform ID of another resource.","description_kind":"plain","optional":true},"id":{"type":"string","description_kind":"plain","optional":true,"computed":true},"private_key":{"type":"string","description":"A supplied WireGuard private key. By default one is generated.","description_kind":"plain","optional":true,"computed":true,"sensitive":true},"public_key":{"type":"string","description":"The public key corresponding to the (given or generated) private key.","description_kind":"plain","computed":true}},"description":"Provides a WireGuard asymmetric key resource. This can be used to create, read, and delete WireGuard keys in terraform state.","description_kind":"plain"}}},"data_source_schemas":{"wireguard_config_document":{"version":0,"block":{"attributes":{"addresses":{"type":["set","string"],"description":"IPs (or CIDR) to be assigned to the interface. (`wg-quick`/apps only.)","description_kind":"plain","optional":true},"conf":{"type":"string","description":"The rendered config document.","description_kind":"plain","computed":true},"dns":{"type":["set","string"],"description":"IPs or hostnames of Domain Name Servers to set as the interface's DNS search domains. (`wg-quick`/apps only.)","description_kind":"plain","optional":true},"firewall_mark":{"type":"string","description":"A 32-bit fwmark for outgoing packets.","description_kind":"plain","optional":true},"id":{"type":"string","description_kind":"plain","optional":true,"computed":true},"listen_port":{"type":"number","description":".","description_kind":"plain","optional":true},"mtu":{"type":"number","description":"Manual MTU to override automatic discovery. (`wg-quick`/apps only.)","description_kind":"plain","optional":true},"post_down":{"type":["set","string"],"description":"Scripts to run before tearing down the interface. (`wg-quick`/apps only.)","description_kind":"plain","optional":true},"post_up":{"type":["set","string"],"description":"Scripts to run after setting up the interface. (`wg-quick`/apps only.)","description_kind":"plain","optional":true},"pre_down":{"type":["set","string"],"description":"Scripts to run before tearing down the interface. (`wg-quick`/apps only.)","description_kind":"plain","optional":true},"pre_up":{"type":["set","string"],"description":"Script to run before setting up the interface. (`wg-quick`/apps only.)","description_kind":"plain","optional":true},"private_key":{"type":"string","description":"The base64 private key for this peer's interface.","description_kind":"plain","required":true},"routing_table":{"type":"number","description":"Controls the routing table (or \"off\") to which routes are added. (`wg-quick`/apps only.)","description_kind":"plain","optional":true}},"block_types":{"peer":{"nesting_mode":"list","block":{"attributes":{"allowed_ips":{"type":["set","string"],"description":"IPs (or CIDR) allowed for traffic to/from this peer.","description_kind":"plain","optional":true},"endpoint":{"type":"string","description":"An endpoint IP:port or hostname:port at which this peer can be reached initially.","description_kind":"plain","optional":true},"persistent_keepalive":{"type":"number","description":"Period in seconds (or \"off\") after which to ping the peer to keep a stateful firewall or NAT mapping valid.","description_kind":"plain","optional":true},"preshared_key":{"type":"string","description":"A base64 preshared key from this peer.","description_kind":"plain","optional":true},"public_key":{"type":"string","description":"The base64 public key for this peer.","description_kind":"plain","required":true}},"description_kind":"plain"}}},"description":"A WireGuard configuration document.","description_kind":"plain"}}}}}}
