{"format_version":"0.2","provider_schemas":{"registry.terraform.io/olivr/gpg":{"provider":{"version":0,"block":{"description_kind":"plain"}},"resource_schemas":{"gpg_private_key":{"version":0,"block":{"attributes":{"email":{"type":"string","description":"Email attached to the key.","description_kind":"markdown","required":true},"fingerprint":{"type":"string","description":"Public key fingerprint.","description_kind":"markdown","computed":true},"id":{"type":"string","description_kind":"plain","optional":true,"computed":true},"name":{"type":"string","description":"Name attached to the key.","description_kind":"markdown","required":true},"passphrase":{"type":"string","description":"Passphrase protecting the private key.","description_kind":"markdown","optional":true,"sensitive":true},"private_key":{"type":"string","description":"Generated private key in ASCII-armored format.","description_kind":"markdown","computed":true,"sensitive":true},"public_key":{"type":"string","description":"Generated public key in ASCII-armored format.","description_kind":"markdown","computed":true},"rsa_bits":{"type":"number","description":"Number of bits to use when generating RSA key.","description_kind":"markdown","optional":true}},"description":"The resource `gpg_private_key` generates a GPG private/public key pair in ASCII-armored format.","description_kind":"markdown"}}}}}}
