{"format_version":"0.2","provider_schemas":{"registry.terraform.io/ondrejsika/poste":{"provider":{"version":0,"block":{"attributes":{"origin":{"type":"string","description_kind":"plain","required":true},"password":{"type":"string","description_kind":"plain","required":true},"username":{"type":"string","description_kind":"plain","required":true}},"description_kind":"plain"}},"resource_schemas":{"poste_box":{"version":0,"block":{"attributes":{"email":{"type":"string","description_kind":"plain","required":true},"id":{"type":"string","description_kind":"plain","optional":true,"computed":true},"password":{"type":"string","description_kind":"plain","required":true,"sensitive":true},"sieve":{"type":"string","description_kind":"plain","optional":true}},"description_kind":"plain"}},"poste_domain":{"version":0,"block":{"attributes":{"id":{"type":"string","description_kind":"plain","optional":true,"computed":true},"name":{"type":"string","description_kind":"plain","required":true}},"description_kind":"plain"}},"poste_sieve_copy":{"version":0,"block":{"attributes":{"emails":{"type":["list","string"],"description_kind":"plain","required":true},"id":{"type":"string","description_kind":"plain","optional":true,"computed":true},"sieve":{"type":"string","description_kind":"plain","computed":true}},"description_kind":"plain"}}}}}}
