{"format_version":"0.2","provider_schemas":{"registry.terraform.io/ondrejsika/proxmox":{"provider":{"version":0,"block":{"attributes":{"pm_api_url":{"type":"string","description":"https://host.fqdn:8006/api2/json","description_kind":"plain","required":true},"pm_otp":{"type":"string","description":"OTP 2FA code (if required)","description_kind":"plain","optional":true},"pm_parallel":{"type":"number","description_kind":"plain","optional":true},"pm_password":{"type":"string","description":"secret","description_kind":"plain","required":true,"sensitive":true},"pm_timeout":{"type":"number","description_kind":"plain","optional":true},"pm_tls_insecure":{"type":"bool","description_kind":"plain","optional":true},"pm_user":{"type":"string","description":"username, maywith with @pam","description_kind":"plain","required":true}},"description_kind":"plain"}},"resource_schemas":{"proxmox_lxc":{"version":0,"block":{"attributes":{"arch":{"type":"string","description_kind":"plain","optional":true},"bwlimit":{"type":"number","description_kind":"plain","optional":true},"cmode":{"type":"string","description_kind":"plain","optional":true},"console":{"type":"bool","description_kind":"plain","optional":true},"cores":{"type":"number","description_kind":"plain","optional":true},"cpulimit":{"type":"number","description_kind":"plain","optional":true},"cpuunits":{"type":"number","description_kind":"plain","optional":true},"description":{"type":"string","description_kind":"plain","optional":true},"force":{"type":"bool","description_kind":"plain","optional":true},"hookscript":{"type":"string","description_kind":"plain","optional":true},"hostname":{"type":"string","description_kind":"plain","optional":true},"id":{"type":"string","description_kind":"plain","optional":true,"computed":true},"ignore_unpack_errors":{"type":"bool","description_kind":"plain","optional":true},"lock":{"type":"string","description_kind":"plain","optional":true},"memory":{"type":"number","description_kind":"plain","optional":true},"nameserver":{"type":"string","description_kind":"plain","optional":true},"onboot":{"type":"bool","description_kind":"plain","optional":true},"ostemplate":{"type":"string","description_kind":"plain","optional":true},"ostype":{"type":"string","description_kind":"plain","optional":true},"password":{"type":"string","description_kind":"plain","optional":true},"pool":{"type":"string","description_kind":"plain","optional":true},"protection":{"type":"bool","description_kind":"plain","optional":true},"restore":{"type":"bool","description_kind":"plain","optional":true},"rootfs":{"type":"string","description_kind":"plain","optional":true},"searchdomain":{"type":"string","description_kind":"plain","optional":true},"ssh_public_keys":{"type":"string","description_kind":"plain","optional":true},"start":{"type":"bool","description_kind":"plain","optional":true},"startup":{"type":"string","description_kind":"plain","optional":true},"storage":{"type":"string","description_kind":"plain","optional":true},"swap":{"type":"number","description_kind":"plain","optional":true},"target_node":{"type":"string","description_kind":"plain","required":true},"template":{"type":"bool","description_kind":"plain","optional":true},"tty":{"type":"number","description_kind":"plain","optional":true},"unique":{"type":"bool","description_kind":"plain","optional":true},"unprivileged":{"type":"bool","description_kind":"plain","optional":true},"unused":{"type":["list","string"],"description_kind":"plain","optional":true},"vmid":{"type":"number","description_kind":"plain","optional":true}},"block_types":{"features":{"nesting_mode":"set","block":{"attributes":{"fuse":{"type":"bool","description_kind":"plain","optional":true},"keyctl":{"type":"bool","description_kind":"plain","optional":true},"mount":{"type":"string","description_kind":"plain","optional":true},"nesting":{"type":"bool","description_kind":"plain","optional":true}},"description_kind":"plain"}},"mountpoint":{"nesting_mode":"set","block":{"attributes":{"acl":{"type":"bool","description_kind":"plain","optional":true},"backup":{"type":"bool","description_kind":"plain","optional":true},"mp":{"type":"string","description_kind":"plain","required":true},"quota":{"type":"bool","description_kind":"plain","optional":true},"replicate":{"type":"bool","description_kind":"plain","optional":true},"shared":{"type":"bool","description_kind":"plain","optional":true},"size":{"type":"number","description_kind":"plain","optional":true},"volume":{"type":"string","description_kind":"plain","required":true}},"description_kind":"plain"}},"network":{"nesting_mode":"set","block":{"attributes":{"bridge":{"type":"string","description_kind":"plain","optional":true},"firewall":{"type":"bool","description_kind":"plain","optional":true},"gw":{"type":"string","description_kind":"plain","optional":true},"gw6":{"type":"string","description_kind":"plain","optional":true},"hwaddr":{"type":"string","description_kind":"plain","optional":true},"ip":{"type":"string","description_kind":"plain","optional":true},"ip6":{"type":"string","description_kind":"plain","optional":true},"mtu":{"type":"string","description_kind":"plain","optional":true},"name":{"type":"string","description_kind":"plain","required":true},"rate":{"type":"number","description_kind":"plain","optional":true},"tag":{"type":"number","description_kind":"plain","optional":true},"trunks":{"type":"string","description_kind":"plain","optional":true},"type":{"type":"string","description_kind":"plain","optional":true}},"description_kind":"plain"}}},"description_kind":"plain"}},"proxmox_vm_qemu":{"version":0,"block":{"attributes":{"agent":{"type":"number","description_kind":"plain","optional":true},"balloon":{"type":"number","description_kind":"plain","optional":true},"bios":{"type":"string","description_kind":"plain","optional":true},"boot":{"type":"string","description_kind":"plain","optional":true},"bootdisk":{"type":"string","description_kind":"plain","optional":true},"bridge":{"type":"string","description_kind":"plain","optional":true},"ci_wait":{"type":"number","description_kind":"plain","optional":true},"cicustom":{"type":"string","description_kind":"plain","optional":true},"cipassword":{"type":"string","description_kind":"plain","optional":true},"ciuser":{"type":"string","description_kind":"plain","optional":true},"clone":{"type":"string","description_kind":"plain","optional":true},"clone_wait":{"type":"number","description_kind":"plain","optional":true},"cores":{"type":"number","description_kind":"plain","optional":true},"cpu":{"type":"string","description_kind":"plain","optional":true},"desc":{"type":"string","description_kind":"plain","optional":true},"disk_gb":{"type":"number","description_kind":"plain","optional":true},"force_create":{"type":"bool","description_kind":"plain","optional":true},"full_clone":{"type":"bool","description_kind":"plain","optional":true},"hastate":{"type":"string","description_kind":"plain","optional":true},"hotplug":{"type":"string","description_kind":"plain","optional":true},"id":{"type":"string","description_kind":"plain","optional":true,"computed":true},"ipconfig0":{"type":"string","description_kind":"plain","optional":true},"ipconfig1":{"type":"string","description_kind":"plain","optional":true},"ipconfig2":{"type":"string","description_kind":"plain","optional":true},"iso":{"type":"string","description_kind":"plain","optional":true},"kvm":{"type":"bool","description_kind":"plain","optional":true},"mac":{"type":"string","description_kind":"plain","optional":true},"memory":{"type":"number","description_kind":"plain","optional":true},"name":{"type":"string","description_kind":"plain","required":true},"nameserver":{"type":"string","description_kind":"plain","optional":true},"nic":{"type":"string","description_kind":"plain","optional":true},"numa":{"type":"bool","description_kind":"plain","optional":true},"onboot":{"type":"bool","description_kind":"plain","optional":true},"os_network_config":{"type":"string","description_kind":"plain","optional":true},"os_type":{"type":"string","description_kind":"plain","optional":true},"pool":{"type":"string","description_kind":"plain","optional":true},"preprovision":{"type":"bool","description_kind":"plain","optional":true},"qemu_os":{"type":"string","description_kind":"plain","optional":true},"scsihw":{"type":"string","description_kind":"plain","optional":true},"searchdomain":{"type":"string","description_kind":"plain","optional":true},"sockets":{"type":"number","description_kind":"plain","optional":true},"ssh_forward_ip":{"type":"string","description_kind":"plain","optional":true},"ssh_host":{"type":"string","description_kind":"plain","computed":true},"ssh_port":{"type":"string","description_kind":"plain","computed":true},"ssh_private_key":{"type":"string","description_kind":"plain","optional":true,"sensitive":true},"ssh_user":{"type":"string","description_kind":"plain","optional":true},"sshkeys":{"type":"string","description_kind":"plain","optional":true},"storage":{"type":"string","description_kind":"plain","optional":true},"storage_type":{"type":"string","description_kind":"plain","optional":true},"target_node":{"type":"string","description_kind":"plain","required":true},"vcpus":{"type":"number","description_kind":"plain","optional":true},"vlan":{"type":"number","description_kind":"plain","optional":true},"vmid":{"type":"number","description_kind":"plain","optional":true}},"block_types":{"disk":{"nesting_mode":"set","block":{"attributes":{"backup":{"type":"bool","description_kind":"plain","optional":true},"cache":{"type":"string","description_kind":"plain","optional":true},"discard":{"type":"string","description_kind":"plain","optional":true},"format":{"type":"string","description_kind":"plain","optional":true},"id":{"type":"number","description_kind":"plain","required":true},"iothread":{"type":"bool","description_kind":"plain","optional":true},"mbps":{"type":"number","description_kind":"plain","optional":true},"mbps_rd":{"type":"number","description_kind":"plain","optional":true},"mbps_rd_max":{"type":"number","description_kind":"plain","optional":true},"mbps_wr":{"type":"number","description_kind":"plain","optional":true},"mbps_wr_max":{"type":"number","description_kind":"plain","optional":true},"replicate":{"type":"bool","description_kind":"plain","optional":true},"size":{"type":"string","description_kind":"plain","required":true},"ssd":{"type":"bool","description_kind":"plain","optional":true},"storage":{"type":"string","description_kind":"plain","required":true},"storage_type":{"type":"string","description":"One of PVE types as described: https://pve.proxmox.com/wiki/Storage","description_kind":"plain","optional":true},"type":{"type":"string","description_kind":"plain","required":true}},"description_kind":"plain"}},"network":{"nesting_mode":"set","block":{"attributes":{"bridge":{"type":"string","description_kind":"plain","optional":true},"firewall":{"type":"bool","description_kind":"plain","optional":true},"id":{"type":"number","description_kind":"plain","required":true},"link_down":{"type":"bool","description_kind":"plain","optional":true},"macaddr":{"type":"string","description_kind":"plain","optional":true,"computed":true},"model":{"type":"string","description_kind":"plain","required":true},"queues":{"type":"number","description_kind":"plain","optional":true},"rate":{"type":"number","description_kind":"plain","optional":true},"tag":{"type":"number","description":"VLAN tag.","description_kind":"plain","optional":true}},"description_kind":"plain"}},"serial":{"nesting_mode":"set","block":{"attributes":{"id":{"type":"number","description_kind":"plain","required":true},"type":{"type":"string","description_kind":"plain","required":true}},"description_kind":"plain"}},"vga":{"nesting_mode":"set","block":{"attributes":{"memory":{"type":"number","description_kind":"plain","optional":true},"type":{"type":"string","description_kind":"plain","optional":true}},"description_kind":"plain"}}},"description_kind":"plain"}}}}}}
