{"format_version":"0.2","provider_schemas":{"registry.terraform.io/onesdata/uptime":{"provider":{"version":0,"block":{"attributes":{"token":{"type":"string","description_kind":"plain","required":true}},"description_kind":"plain"}},"resource_schemas":{"uptime_check_dns":{"version":0,"block":{"attributes":{"address":{"type":"string","description_kind":"plain","required":true},"contact_groups":{"type":["set","string"],"description_kind":"plain","required":true},"dns_record_type":{"type":"string","description_kind":"plain","required":true},"dns_server":{"type":"string","description_kind":"plain","optional":true},"expect_string":{"type":"string","description_kind":"plain","optional":true},"id":{"type":"string","description_kind":"plain","optional":true,"computed":true},"include_in_global_metrics":{"type":"bool","description_kind":"plain","optional":true,"computed":true},"interval":{"type":"number","description_kind":"plain","required":true},"locations":{"type":["set","string"],"description_kind":"plain","required":true},"name":{"type":"string","description_kind":"plain","optional":true},"notes":{"type":"string","description_kind":"plain","optional":true},"sensitivity":{"type":"number","description_kind":"plain","optional":true,"computed":true},"tags":{"type":["set","string"],"description_kind":"plain","optional":true},"threshold":{"type":"number","description_kind":"plain","optional":true,"computed":true}},"description_kind":"plain"}},"uptime_check_domain_blacklist":{"version":0,"block":{"attributes":{"address":{"type":"string","description_kind":"plain","required":true},"contact_groups":{"type":["set","string"],"description_kind":"plain","required":true},"id":{"type":"string","description_kind":"plain","optional":true,"computed":true},"name":{"type":"string","description_kind":"plain","optional":true},"notes":{"type":"string","description_kind":"plain","optional":true},"tags":{"type":["set","string"],"description_kind":"plain","optional":true}},"description_kind":"plain"}},"uptime_check_http":{"version":0,"block":{"attributes":{"address":{"type":"string","description_kind":"plain","required":true},"contact_groups":{"type":["set","string"],"description_kind":"plain","required":true},"expect_string":{"type":"string","description_kind":"plain","optional":true,"computed":true},"headers":{"type":["map","string"],"description_kind":"plain","optional":true},"id":{"type":"string","description_kind":"plain","optional":true,"computed":true},"include_in_global_metrics":{"type":"bool","description_kind":"plain","optional":true,"computed":true},"interval":{"type":"number","description_kind":"plain","required":true},"ip_version":{"type":"string","description_kind":"plain","optional":true,"computed":true},"locations":{"type":["set","string"],"description_kind":"plain","required":true},"name":{"type":"string","description_kind":"plain","optional":true},"notes":{"type":"string","description_kind":"plain","optional":true},"password":{"type":"string","description_kind":"plain","optional":true},"port":{"type":"number","description_kind":"plain","optional":true,"computed":true},"send_string":{"type":"string","description_kind":"plain","optional":true,"computed":true},"sensitivity":{"type":"number","description_kind":"plain","optional":true,"computed":true},"tags":{"type":["set","string"],"description_kind":"plain","optional":true},"threshold":{"type":"number","description_kind":"plain","optional":true,"computed":true},"username":{"type":"string","description_kind":"plain","optional":true}},"description_kind":"plain"}},"uptime_check_malware":{"version":0,"block":{"attributes":{"address":{"type":"string","description_kind":"plain","required":true},"contact_groups":{"type":["set","string"],"description_kind":"plain","required":true},"id":{"type":"string","description_kind":"plain","optional":true,"computed":true},"name":{"type":"string","description_kind":"plain","optional":true},"notes":{"type":"string","description_kind":"plain","optional":true},"tags":{"type":["set","string"],"description_kind":"plain","optional":true}},"description_kind":"plain"}},"uptime_check_ntp":{"version":0,"block":{"attributes":{"address":{"type":"string","description_kind":"plain","required":true},"contact_groups":{"type":["set","string"],"description_kind":"plain","required":true},"id":{"type":"string","description_kind":"plain","optional":true,"computed":true},"include_in_global_metrics":{"type":"bool","description_kind":"plain","optional":true,"computed":true},"interval":{"type":"number","description_kind":"plain","required":true},"ip_version":{"type":"string","description_kind":"plain","optional":true,"computed":true},"locations":{"type":["set","string"],"description_kind":"plain","required":true},"name":{"type":"string","description_kind":"plain","optional":true},"notes":{"type":"string","description_kind":"plain","optional":true},"port":{"type":"number","description_kind":"plain","optional":true,"computed":true},"sensitivity":{"type":"number","description_kind":"plain","optional":true,"computed":true},"tags":{"type":["set","string"],"description_kind":"plain","optional":true},"threshold":{"type":"number","description_kind":"plain","optional":true,"computed":true}},"description_kind":"plain"}},"uptime_check_ssl_cert":{"version":0,"block":{"attributes":{"address":{"type":"string","description_kind":"plain","required":true},"contact_groups":{"type":["set","string"],"description_kind":"plain","required":true},"days_before_expiry":{"type":"number","description_kind":"plain","required":true},"id":{"type":"string","description_kind":"plain","optional":true,"computed":true},"name":{"type":"string","description_kind":"plain","optional":true},"notes":{"type":"string","description_kind":"plain","optional":true},"port":{"type":"number","description_kind":"plain","optional":true},"protocol":{"type":"string","description_kind":"plain","required":true},"tags":{"type":["set","string"],"description_kind":"plain","optional":true}},"description_kind":"plain"}},"uptime_check_whois":{"version":0,"block":{"attributes":{"address":{"type":"string","description_kind":"plain","required":true},"contact_groups":{"type":["set","string"],"description_kind":"plain","required":true},"days_before_expiry":{"type":"number","description_kind":"plain","required":true},"expect_string":{"type":"string","description_kind":"plain","optional":true,"computed":true},"id":{"type":"string","description_kind":"plain","optional":true,"computed":true},"name":{"type":"string","description_kind":"plain","optional":true},"notes":{"type":"string","description_kind":"plain","optional":true},"tags":{"type":["set","string"],"description_kind":"plain","optional":true}},"description_kind":"plain"}},"uptime_tag":{"version":0,"block":{"attributes":{"color_hex":{"type":"string","description_kind":"plain","required":true},"id":{"type":"string","description_kind":"plain","optional":true,"computed":true},"tag":{"type":"string","description_kind":"plain","required":true}},"description_kind":"plain"}}}}}}
