{"format_version":"0.2","provider_schemas":{"registry.terraform.io/onkarkadam7/appgatesdp":{"provider":{"version":0,"block":{"attributes":{"client_version":{"type":"number","description_kind":"plain","optional":true},"config_path":{"type":"string","description":"Path to the appgate config file. Can be set with APPGATE_CONFIG_PATH.","description_kind":"plain","optional":true},"debug":{"type":"bool","description_kind":"plain","optional":true},"insecure":{"type":"bool","description_kind":"plain","optional":true},"password":{"type":"string","description_kind":"plain","optional":true},"provider":{"type":"string","description_kind":"plain","optional":true},"url":{"type":"string","description_kind":"plain","optional":true},"username":{"type":"string","description_kind":"plain","optional":true}},"description_kind":"plain"}},"resource_schemas":{"appgatesdp_admin_mfa_settings":{"version":1,"block":{"attributes":{"exempted_users":{"type":["list","string"],"description":"The MFA provider ID to use during Multi-Factor Authentication. If null, Admin MFA is disabled.","description_kind":"plain","optional":true},"id":{"type":"string","description_kind":"plain","optional":true,"computed":true},"provider_id":{"type":"string","description":"The MFA provider ID to use during Multi-Factor Authentication. If null, Admin MFA is disabled.","description_kind":"plain","optional":true}},"description_kind":"plain"}},"appgatesdp_administrative_role":{"version":1,"block":{"attributes":{"administrative_role_id":{"type":"string","description":"ID of the object.","description_kind":"plain","computed":true},"id":{"type":"string","description_kind":"plain","optional":true,"computed":true},"name":{"type":"string","description":"Name of the object.","description_kind":"plain","required":true},"notes":{"type":"string","description":"Notes for the object. Used for documentation purposes.","description_kind":"plain","optional":true},"tags":{"type":["set","string"],"description":"Array of tags.","description_kind":"plain","optional":true}},"block_types":{"privileges":{"nesting_mode":"list","block":{"attributes":{"default_tags":{"type":["set","string"],"description_kind":"plain","optional":true},"target":{"type":"string","description_kind":"plain","required":true},"type":{"type":"string","description_kind":"plain","required":true}},"block_types":{"scope":{"nesting_mode":"list","block":{"attributes":{"all":{"type":"bool","description_kind":"plain","optional":true,"computed":true},"ids":{"type":["list","string"],"description_kind":"plain","optional":true},"tags":{"type":["list","string"],"description_kind":"plain","optional":true}},"description_kind":"plain"},"max_items":1}},"description_kind":"plain"},"min_items":1}},"description_kind":"plain"}},"appgatesdp_appliance":{"version":1,"block":{"attributes":{"activated":{"type":"bool","description_kind":"plain","computed":true},"appliance_id":{"type":"string","description":"ID of the object.","description_kind":"plain","computed":true},"connect_to_peers_using_client_port_with_spa":{"type":"bool","description":"Makes the Appliance to connect to Controller/LogServer/LogForwarders using their clientInterface.httpsPort instead of peerInterface.httpsPort. The Appliance uses SPA to connect.","description_kind":"plain","deprecated":true,"optional":true,"computed":true},"customization":{"type":"string","description":"Customization assigned to this Appliance.","description_kind":"plain","optional":true,"computed":true},"hostname":{"type":"string","description":"Name of the object.","description_kind":"plain","deprecated":true,"required":true},"hostname_aliases":{"type":["list","string"],"description_kind":"plain","optional":true,"computed":true},"id":{"type":"string","description_kind":"plain","optional":true,"computed":true},"name":{"type":"string","description":"Name of the object.","description_kind":"plain","required":true},"notes":{"type":"string","description":"Notes for the object. Used for documentation purposes.","description_kind":"plain","optional":true},"site":{"type":"string","description":"Site served by the Appliance. Entitlements on this Site will be included in the Entitlement Token for this Appliance. Not useful if Gateway role is not enabled.","description_kind":"plain","optional":true},"tags":{"type":["set","string"],"description":"Array of tags.","description_kind":"plain","optional":true}},"block_types":{"admin_interface":{"nesting_mode":"list","block":{"attributes":{"hostname":{"type":"string","description_kind":"plain","required":true},"https_ciphers":{"type":["list","string"],"description":"The type of TLS ciphers to allow. See: https://www.openssl.org/docs/man1.0.2/apps/ciphers.html for all supported ciphers.","description_kind":"plain","optional":true},"https_port":{"type":"number","description_kind":"plain","optional":true}},"block_types":{"allow_sources":{"nesting_mode":"list","block":{"attributes":{"address":{"type":"string","description_kind":"plain","optional":true},"netmask":{"type":"number","description_kind":"plain","optional":true},"nic":{"type":"string","description_kind":"plain","optional":true}},"description_kind":"plain"}}},"description_kind":"plain"},"max_items":1},"client_interface":{"nesting_mode":"list","block":{"attributes":{"dtls_port":{"type":"number","description_kind":"plain","optional":true},"hostname":{"type":"string","description_kind":"plain","required":true},"https_port":{"type":"number","description_kind":"plain","optional":true},"override_spa_mode":{"type":"string","description_kind":"plain","optional":true},"proxy_protocol":{"type":"bool","description":"To enable/disable Proxy protocol on this Appliance.","description_kind":"plain","optional":true}},"block_types":{"allow_sources":{"nesting_mode":"list","block":{"attributes":{"address":{"type":"string","description_kind":"plain","optional":true},"netmask":{"type":"number","description_kind":"plain","optional":true},"nic":{"type":"string","description_kind":"plain","optional":true}},"description_kind":"plain"}}},"description_kind":"plain"},"min_items":1,"max_items":1},"connector":{"nesting_mode":"list","block":{"attributes":{"enabled":{"type":"bool","description_kind":"plain","optional":true}},"block_types":{"advanced_clients":{"nesting_mode":"list","block":{"attributes":{"device_id":{"type":"string","description_kind":"plain","optional":true},"name":{"type":"string","description_kind":"plain","required":true},"snat_to_tunnel":{"type":"bool","description_kind":"plain","optional":true}},"block_types":{"allow_resources":{"nesting_mode":"list","block":{"attributes":{"address":{"type":"string","description_kind":"plain","optional":true},"netmask":{"type":"number","description_kind":"plain","optional":true},"nic":{"type":"string","description_kind":"plain","optional":true}},"description_kind":"plain"}}},"description_kind":"plain"}},"express_clients":{"nesting_mode":"list","block":{"attributes":{"device_id":{"type":"string","description_kind":"plain","optional":true},"dnat_to_resource":{"type":"bool","description_kind":"plain","optional":true},"name":{"type":"string","description_kind":"plain","required":true},"snat_to_resources":{"type":"bool","description_kind":"plain","optional":true}},"block_types":{"allow_resources":{"nesting_mode":"list","block":{"attributes":{"address":{"type":"string","description_kind":"plain","optional":true},"netmask":{"type":"number","description_kind":"plain","optional":true}},"description_kind":"plain"}}},"description_kind":"plain"}}},"description_kind":"plain"},"max_items":1},"controller":{"nesting_mode":"list","block":{"attributes":{"enabled":{"type":"bool","description_kind":"plain","optional":true}},"description_kind":"plain"},"max_items":1},"gateway":{"nesting_mode":"list","block":{"attributes":{"enabled":{"type":"bool","description_kind":"plain","optional":true}},"block_types":{"vpn":{"nesting_mode":"list","block":{"attributes":{"weight":{"type":"number","description_kind":"plain","optional":true}},"block_types":{"allow_destinations":{"nesting_mode":"list","block":{"attributes":{"address":{"type":"string","description_kind":"plain","optional":true},"netmask":{"type":"number","description_kind":"plain","optional":true},"nic":{"type":"string","description_kind":"plain","optional":true}},"description_kind":"plain"}}},"description_kind":"plain"},"max_items":1}},"description_kind":"plain"},"max_items":1},"healthcheck_server":{"nesting_mode":"list","block":{"attributes":{"enabled":{"type":"bool","description_kind":"plain","optional":true},"port":{"type":"number","description_kind":"plain","optional":true}},"block_types":{"allow_sources":{"nesting_mode":"list","block":{"attributes":{"address":{"type":"string","description_kind":"plain","optional":true},"netmask":{"type":"number","description_kind":"plain","optional":true},"nic":{"type":"string","description_kind":"plain","optional":true}},"description_kind":"plain"}}},"description_kind":"plain"},"max_items":1},"log_forwarder":{"nesting_mode":"list","block":{"attributes":{"enabled":{"type":"bool","description_kind":"plain","optional":true},"sites":{"type":["set","string"],"description":"Array of sites.","description_kind":"plain","optional":true,"computed":true}},"block_types":{"aws_kineses":{"nesting_mode":"list","block":{"attributes":{"aws_id":{"type":"string","description_kind":"plain","optional":true},"aws_region":{"type":"string","description_kind":"plain","optional":true},"aws_secret":{"type":"string","description_kind":"plain","optional":true},"batch_size":{"type":"number","description_kind":"plain","optional":true,"computed":true},"filter":{"type":"string","description_kind":"plain","optional":true},"number_of_partition_keys":{"type":"number","description_kind":"plain","optional":true,"computed":true},"stream_name":{"type":"string","description_kind":"plain","required":true},"type":{"type":"string","description_kind":"plain","required":true},"use_instance_credentials":{"type":"bool","description_kind":"plain","optional":true}},"description_kind":"plain"}},"elasticsearch":{"nesting_mode":"list","block":{"attributes":{"aws_id":{"type":"string","description_kind":"plain","optional":true},"aws_region":{"type":"string","description_kind":"plain","optional":true},"aws_secret":{"type":"string","description_kind":"plain","optional":true},"retention_days":{"type":"number","description_kind":"plain","optional":true},"url":{"type":"string","description_kind":"plain","optional":true},"use_instance_credentials":{"type":"bool","description_kind":"plain","optional":true}},"description_kind":"plain"},"max_items":1},"tcp_clients":{"nesting_mode":"list","block":{"attributes":{"filter":{"type":"string","description_kind":"plain","optional":true},"format":{"type":"string","description_kind":"plain","required":true},"host":{"type":"string","description_kind":"plain","required":true},"name":{"type":"string","description_kind":"plain","required":true},"port":{"type":"number","description_kind":"plain","required":true},"use_tls":{"type":"bool","description_kind":"plain","optional":true}},"description_kind":"plain"}}},"description_kind":"plain"},"max_items":1},"log_server":{"nesting_mode":"list","block":{"attributes":{"enabled":{"type":"bool","description_kind":"plain","optional":true,"computed":true},"retention_days":{"type":"number","description_kind":"plain","optional":true,"computed":true}},"description_kind":"plain"},"max_items":1},"networking":{"nesting_mode":"list","block":{"attributes":{"dns_domains":{"type":["set","string"],"description":"DNS Search domains.","description_kind":"plain","optional":true},"dns_servers":{"type":["set","string"],"description":"DNS Server addresses.","description_kind":"plain","optional":true}},"block_types":{"hosts":{"nesting_mode":"list","block":{"attributes":{"address":{"type":"string","description_kind":"plain","required":true},"hostname":{"type":"string","description_kind":"plain","required":true}},"description_kind":"plain"}},"nics":{"nesting_mode":"list","block":{"attributes":{"enabled":{"type":"bool","description_kind":"plain","optional":true},"mtu":{"type":"number","description_kind":"plain","optional":true},"name":{"type":"string","description_kind":"plain","required":true}},"block_types":{"ipv4":{"nesting_mode":"list","block":{"attributes":{"virtual_ip":{"type":"string","description_kind":"plain","optional":true}},"block_types":{"dhcp":{"nesting_mode":"list","block":{"attributes":{"dns":{"type":"bool","description_kind":"plain","optional":true},"enabled":{"type":"bool","description_kind":"plain","optional":true},"ntp":{"type":"bool","description_kind":"plain","optional":true},"routers":{"type":"bool","description_kind":"plain","optional":true}},"description_kind":"plain"},"max_items":1},"static":{"nesting_mode":"list","block":{"attributes":{"address":{"type":"string","description_kind":"plain","required":true},"hostname":{"type":"string","description_kind":"plain","deprecated":true,"optional":true},"netmask":{"type":"number","description_kind":"plain","required":true},"snat":{"type":"bool","description_kind":"plain","optional":true}},"description_kind":"plain"}}},"description_kind":"plain"},"max_items":1},"ipv6":{"nesting_mode":"list","block":{"attributes":{"virtual_ip":{"type":"string","description_kind":"plain","optional":true}},"block_types":{"dhcp":{"nesting_mode":"set","block":{"attributes":{"dns":{"type":"bool","description_kind":"plain","optional":true,"computed":true},"enabled":{"type":"bool","description_kind":"plain","optional":true,"computed":true},"ntp":{"type":"bool","description_kind":"plain","optional":true,"computed":true}},"description_kind":"plain"}},"static":{"nesting_mode":"list","block":{"attributes":{"address":{"type":"string","description_kind":"plain","required":true},"hostname":{"type":"string","description_kind":"plain","deprecated":true,"required":true},"netmask":{"type":"number","description_kind":"plain","required":true},"snat":{"type":"bool","description_kind":"plain","optional":true}},"description_kind":"plain"}}},"description_kind":"plain"},"max_items":1}},"description_kind":"plain"}},"routes":{"nesting_mode":"list","block":{"attributes":{"address":{"type":"string","description_kind":"plain","required":true},"gateway":{"type":"string","description_kind":"plain","optional":true},"netmask":{"type":"number","description_kind":"plain","optional":true},"nic":{"type":"string","description_kind":"plain","optional":true}},"description_kind":"plain"}}},"description_kind":"plain"},"min_items":1,"max_items":1},"ntp":{"nesting_mode":"list","block":{"block_types":{"servers":{"nesting_mode":"list","block":{"attributes":{"hostname":{"type":"string","description_kind":"plain","required":true},"key":{"type":"string","description_kind":"plain","optional":true},"key_type":{"type":"string","description_kind":"plain","optional":true}},"description_kind":"plain"}}},"description_kind":"plain"},"max_items":1},"peer_interface":{"nesting_mode":"list","block":{"attributes":{"hostname":{"type":"string","description_kind":"plain","required":true},"https_port":{"type":"number","description_kind":"plain","optional":true}},"block_types":{"allow_sources":{"nesting_mode":"list","block":{"attributes":{"address":{"type":"string","description_kind":"plain","optional":true},"netmask":{"type":"number","description_kind":"plain","optional":true},"nic":{"type":"string","description_kind":"plain","optional":true}},"description_kind":"plain"}}},"description_kind":"plain","deprecated":true},"min_items":1,"max_items":1},"ping":{"nesting_mode":"list","block":{"block_types":{"allow_sources":{"nesting_mode":"list","block":{"attributes":{"address":{"type":"string","description_kind":"plain","optional":true},"netmask":{"type":"number","description_kind":"plain","optional":true},"nic":{"type":"string","description_kind":"plain","optional":true}},"description_kind":"plain"}}},"description_kind":"plain"},"max_items":1},"portal":{"nesting_mode":"list","block":{"attributes":{"enabled":{"type":"bool","description_kind":"plain","optional":true},"profiles":{"type":["list","string"],"description":"Names of the profiles in this Collective to use in the Portal.","description_kind":"plain","optional":true}},"block_types":{"external_profiles":{"nesting_mode":"list","block":{"attributes":{"id":{"type":"string","description_kind":"plain","required":true},"url":{"type":"string","description_kind":"plain","optional":true}},"description_kind":"plain"}},"https_p12":{"nesting_mode":"list","block":{"attributes":{"content":{"type":"string","description_kind":"plain","optional":true},"id":{"type":"string","description_kind":"plain","computed":true},"password":{"type":"string","description_kind":"plain","optional":true},"subject_name":{"type":"string","description_kind":"plain","computed":true}},"description_kind":"plain"},"max_items":1},"proxy_p12s":{"nesting_mode":"list","block":{"attributes":{"content":{"type":"string","description":"path to file with p12","description_kind":"plain","optional":true},"id":{"type":"string","description_kind":"plain","computed":true},"password":{"type":"string","description_kind":"plain","optional":true,"sensitive":true},"subject_name":{"type":"string","description_kind":"plain","computed":true},"verify_upstream":{"type":"bool","description_kind":"plain","computed":true}},"description_kind":"plain"}}},"description_kind":"plain"},"max_items":1},"prometheus_exporter":{"nesting_mode":"list","block":{"attributes":{"enabled":{"type":"bool","description_kind":"plain","optional":true},"port":{"type":"number","description_kind":"plain","optional":true}},"block_types":{"allow_sources":{"nesting_mode":"list","block":{"attributes":{"address":{"type":"string","description_kind":"plain","optional":true},"netmask":{"type":"number","description_kind":"plain","optional":true},"nic":{"type":"string","description_kind":"plain","optional":true}},"description_kind":"plain"}}},"description_kind":"plain"},"max_items":1},"rsyslog_destinations":{"nesting_mode":"list","block":{"attributes":{"destination":{"type":"string","description_kind":"plain","required":true},"selector":{"type":"string","description_kind":"plain","optional":true},"template":{"type":"string","description_kind":"plain","optional":true}},"description_kind":"plain"}},"snmp_server":{"nesting_mode":"list","block":{"attributes":{"enabled":{"type":"bool","description_kind":"plain","optional":true},"snmpd_conf":{"type":"string","description_kind":"plain","optional":true},"tcp_port":{"type":"number","description_kind":"plain","optional":true},"udp_port":{"type":"number","description_kind":"plain","optional":true}},"block_types":{"allow_sources":{"nesting_mode":"list","block":{"attributes":{"address":{"type":"string","description_kind":"plain","optional":true},"netmask":{"type":"number","description_kind":"plain","optional":true},"nic":{"type":"string","description_kind":"plain","optional":true}},"description_kind":"plain"}}},"description_kind":"plain"},"max_items":1},"ssh_server":{"nesting_mode":"list","block":{"attributes":{"enabled":{"type":"bool","description_kind":"plain","optional":true},"password_authentication":{"type":"bool","description_kind":"plain","optional":true},"port":{"type":"number","description_kind":"plain","optional":true}},"block_types":{"allow_sources":{"nesting_mode":"list","block":{"attributes":{"address":{"type":"string","description_kind":"plain","optional":true},"netmask":{"type":"number","description_kind":"plain","optional":true},"nic":{"type":"string","description_kind":"plain","optional":true}},"description_kind":"plain"}}},"description_kind":"plain"},"max_items":1}},"description_kind":"plain"}},"appgatesdp_appliance_customization":{"version":1,"block":{"attributes":{"appliance_customization_id":{"type":"string","description":"ID of the object.","description_kind":"plain","computed":true},"checksum_sha256":{"type":"string","description_kind":"plain","optional":true,"computed":true},"detect_sha256":{"type":"string","description_kind":"plain","optional":true},"file":{"type":"string","description":"Path to the appliance customization binary.","description_kind":"plain","required":true},"id":{"type":"string","description_kind":"plain","optional":true,"computed":true},"name":{"type":"string","description":"Name of the object.","description_kind":"plain","required":true},"notes":{"type":"string","description":"Notes for the object. Used for documentation purposes.","description_kind":"plain","optional":true},"size":{"type":"number","description":"Binary file's size in bytes.","description_kind":"plain","computed":true},"tags":{"type":["set","string"],"description":"Array of tags.","description_kind":"plain","optional":true}},"block_types":{"timeouts":{"nesting_mode":"single","block":{"attributes":{"create":{"type":"string","description_kind":"plain","optional":true},"delete":{"type":"string","description_kind":"plain","optional":true},"update":{"type":"string","description_kind":"plain","optional":true}},"description_kind":"plain"}}},"description_kind":"plain"}},"appgatesdp_blacklist_user":{"version":1,"block":{"attributes":{"id":{"type":"string","description_kind":"plain","optional":true,"computed":true},"provider_name":{"type":"string","description_kind":"plain","optional":true,"computed":true},"reason":{"type":"string","description_kind":"plain","optional":true},"user_distinguished_name":{"type":"string","description_kind":"plain","required":true},"username":{"type":"string","description_kind":"plain","optional":true,"computed":true}},"description_kind":"plain"}},"appgatesdp_client_connections":{"version":1,"block":{"attributes":{"id":{"type":"string","description_kind":"plain","optional":true,"computed":true},"spa_mode":{"type":"string","description_kind":"plain","optional":true}},"block_types":{"profiles":{"nesting_mode":"list","block":{"attributes":{"identity_provider_name":{"type":"string","description_kind":"plain","required":true},"name":{"type":"string","description_kind":"plain","required":true},"spa_key_name":{"type":"string","description_kind":"plain","required":true},"url":{"type":"string","description_kind":"plain","computed":true}},"description_kind":"plain"}}},"description_kind":"plain","deprecated":true}},"appgatesdp_client_profile":{"version":1,"block":{"attributes":{"id":{"type":"string","description_kind":"plain","optional":true,"computed":true},"identity_provider_name":{"type":"string","description_kind":"plain","required":true},"name":{"type":"string","description_kind":"plain","required":true},"spa_key_name":{"type":"string","description_kind":"plain","required":true},"url":{"type":"string","description_kind":"plain","computed":true}},"block_types":{"timeouts":{"nesting_mode":"single","block":{"attributes":{"create":{"type":"string","description_kind":"plain","optional":true},"delete":{"type":"string","description_kind":"plain","optional":true}},"description_kind":"plain"}}},"description_kind":"plain"}},"appgatesdp_condition":{"version":1,"block":{"attributes":{"condition_id":{"type":"string","description":"ID of the object.","description_kind":"plain","computed":true},"expression":{"type":"string","description":"Boolean expression in JavaScript.","description_kind":"plain","required":true},"id":{"type":"string","description_kind":"plain","optional":true,"computed":true},"name":{"type":"string","description":"Name of the object.","description_kind":"plain","required":true},"notes":{"type":"string","description":"Notes for the object. Used for documentation purposes.","description_kind":"plain","optional":true},"remedy_logic":{"type":"string","description":"Whether all the Remedy Methods must succeed to pass this Condition or just one.","description_kind":"plain","optional":true,"computed":true},"repeat_schedules":{"type":["set","string"],"description_kind":"plain","optional":true},"tags":{"type":["set","string"],"description":"Array of tags.","description_kind":"plain","optional":true}},"block_types":{"remedy_methods":{"nesting_mode":"list","block":{"attributes":{"claim_suffix":{"type":"string","description_kind":"plain","optional":true},"message":{"type":"string","description_kind":"plain","required":true},"provider_id":{"type":"string","description_kind":"plain","optional":true},"type":{"type":"string","description_kind":"plain","required":true}},"description_kind":"plain"}},"timeouts":{"nesting_mode":"single","block":{"attributes":{"create":{"type":"string","description_kind":"plain","optional":true},"delete":{"type":"string","description_kind":"plain","optional":true},"update":{"type":"string","description_kind":"plain","optional":true}},"description_kind":"plain"}}},"description_kind":"plain"}},"appgatesdp_connector_identity_provider":{"version":0,"block":{"attributes":{"id":{"type":"string","description_kind":"plain","optional":true,"computed":true},"ip_pool_v4":{"type":"string","description_kind":"plain","optional":true},"ip_pool_v6":{"type":"string","description_kind":"plain","optional":true},"name":{"type":"string","description_kind":"plain","optional":true},"notes":{"type":"string","description":"Notes for the object. Used for documentation purposes.","description_kind":"plain","optional":true},"tags":{"type":["set","string"],"description":"Array of tags.","description_kind":"plain","optional":true},"type":{"type":"string","description_kind":"plain","optional":true}},"block_types":{"claim_mappings":{"nesting_mode":"set","block":{"attributes":{"attribute_name":{"type":"string","description_kind":"plain","required":true},"claim_name":{"type":"string","description_kind":"plain","required":true},"encrypted":{"type":"bool","description_kind":"plain","optional":true,"computed":true},"list":{"type":"bool","description_kind":"plain","optional":true,"computed":true}},"description_kind":"plain"}},"on_demand_claim_mappings":{"nesting_mode":"set","block":{"attributes":{"claim_name":{"type":"string","description_kind":"plain","required":true},"command":{"type":"string","description_kind":"plain","required":true},"platform":{"type":"string","description_kind":"plain","required":true}},"block_types":{"parameters":{"nesting_mode":"list","block":{"attributes":{"args":{"type":"string","description_kind":"plain","optional":true,"computed":true},"name":{"type":"string","description_kind":"plain","optional":true,"computed":true},"path":{"type":"string","description_kind":"plain","optional":true,"computed":true}},"description_kind":"plain"},"max_items":1}},"description_kind":"plain"}}},"description_kind":"plain"}},"appgatesdp_criteria_script":{"version":1,"block":{"attributes":{"criteria_script_id":{"type":"string","description":"ID of the object.","description_kind":"plain","computed":true},"expression":{"type":"string","description":"A JavaScript expression that returns boolean.","description_kind":"plain","required":true},"id":{"type":"string","description_kind":"plain","optional":true,"computed":true},"name":{"type":"string","description":"Name of the object.","description_kind":"plain","required":true},"notes":{"type":"string","description":"Notes for the object. Used for documentation purposes.","description_kind":"plain","optional":true},"tags":{"type":["set","string"],"description":"Array of tags.","description_kind":"plain","optional":true}},"block_types":{"timeouts":{"nesting_mode":"single","block":{"attributes":{"create":{"type":"string","description_kind":"plain","optional":true},"delete":{"type":"string","description_kind":"plain","optional":true},"update":{"type":"string","description_kind":"plain","optional":true}},"description_kind":"plain"}}},"description_kind":"plain"}},"appgatesdp_device_script":{"version":1,"block":{"attributes":{"checksum_sha256":{"type":"string","description_kind":"plain","computed":true},"content":{"type":"string","description":"The Device Script content.","description_kind":"plain","optional":true},"device_script_id":{"type":"string","description":"ID of the object.","description_kind":"plain","computed":true},"file":{"type":"string","description":"Path to the Device Script binary.","description_kind":"plain","optional":true},"filename":{"type":"string","description":"The name of the file to be downloaded as to the client devices.","description_kind":"plain","required":true},"id":{"type":"string","description_kind":"plain","optional":true,"computed":true},"name":{"type":"string","description":"Name of the object.","description_kind":"plain","required":true},"notes":{"type":"string","description":"Notes for the object. Used for documentation purposes.","description_kind":"plain","optional":true},"tags":{"type":["set","string"],"description":"Array of tags.","description_kind":"plain","optional":true}},"block_types":{"timeouts":{"nesting_mode":"single","block":{"attributes":{"create":{"type":"string","description_kind":"plain","optional":true},"delete":{"type":"string","description_kind":"plain","optional":true},"update":{"type":"string","description_kind":"plain","optional":true}},"description_kind":"plain"}}},"description_kind":"plain"}},"appgatesdp_entitlement":{"version":0,"block":{"attributes":{"app_shortcut_scripts":{"type":["set","string"],"description_kind":"plain","optional":true},"condition_logic":{"type":"string","description_kind":"plain","optional":true},"conditions":{"type":["set","string"],"description":"List of Condition IDs applies to this Entitlement.","description_kind":"plain","required":true},"disabled":{"type":"bool","description_kind":"plain","optional":true},"entitlement_id":{"type":"string","description":"ID of the object.","description_kind":"plain","computed":true},"id":{"type":"string","description_kind":"plain","optional":true,"computed":true},"name":{"type":"string","description":"Name of the object.","description_kind":"plain","required":true},"notes":{"type":"string","description":"Notes for the object. Used for documentation purposes.","description_kind":"plain","optional":true},"site":{"type":"string","description_kind":"plain","required":true},"tags":{"type":["set","string"],"description":"Array of tags.","description_kind":"plain","optional":true}},"block_types":{"actions":{"nesting_mode":"set","block":{"attributes":{"action":{"type":"string","description_kind":"plain","required":true},"hosts":{"type":["set","string"],"description_kind":"plain","optional":true},"ports":{"type":["set","string"],"description_kind":"plain","optional":true},"subtype":{"type":"string","description_kind":"plain","required":true},"types":{"type":["list","string"],"description_kind":"plain","optional":true}},"block_types":{"monitor":{"nesting_mode":"list","block":{"attributes":{"enabled":{"type":"bool","description_kind":"plain","optional":true,"computed":true},"timeout":{"type":"number","description_kind":"plain","optional":true,"computed":true}},"description_kind":"plain"},"max_items":1}},"description_kind":"plain"},"min_items":1},"app_shortcuts":{"nesting_mode":"list","block":{"attributes":{"color_code":{"type":"number","description_kind":"plain","optional":true},"description":{"type":"string","description_kind":"plain","optional":true},"name":{"type":"string","description_kind":"plain","required":true},"url":{"type":"string","description_kind":"plain","required":true}},"description_kind":"plain"}},"timeouts":{"nesting_mode":"single","block":{"attributes":{"create":{"type":"string","description_kind":"plain","optional":true},"delete":{"type":"string","description_kind":"plain","optional":true},"update":{"type":"string","description_kind":"plain","optional":true}},"description_kind":"plain"}}},"description_kind":"plain"}},"appgatesdp_entitlement_script":{"version":1,"block":{"attributes":{"entitlement_script_id":{"type":"string","description":"ID of the object.","description_kind":"plain","computed":true},"expression":{"type":"string","description":"A JavaScript expression that returns a list of IPs and names.","description_kind":"plain","required":true},"id":{"type":"string","description_kind":"plain","optional":true,"computed":true},"name":{"type":"string","description":"Name of the object.","description_kind":"plain","required":true},"notes":{"type":"string","description":"Notes for the object. Used for documentation purposes.","description_kind":"plain","optional":true},"tags":{"type":["set","string"],"description":"Array of tags.","description_kind":"plain","optional":true},"type":{"type":"string","description_kind":"plain","optional":true}},"block_types":{"timeouts":{"nesting_mode":"single","block":{"attributes":{"create":{"type":"string","description_kind":"plain","optional":true},"delete":{"type":"string","description_kind":"plain","optional":true},"update":{"type":"string","description_kind":"plain","optional":true}},"description_kind":"plain"}}},"description_kind":"plain"}},"appgatesdp_global_settings":{"version":1,"block":{"attributes":{"administration_token_expiration":{"type":"number","description":"Number of minutes the administration Token is valid for administrators.","description_kind":"plain","optional":true,"computed":true},"app_discovery_domains":{"type":["set","string"],"description":"Domains to monitor for for App Discovery feature.","description_kind":"plain","optional":true,"computed":true},"audit_log_persistence_mode":{"type":"string","description":"Audit Log persistence mode.","description_kind":"plain","optional":true,"computed":true},"backup_api_enabled":{"type":"bool","description":"Whether the backup API is enabled or not.","description_kind":"plain","optional":true,"computed":true},"backup_passphrase":{"type":"string","description":"The passphrase to encrypt Appliance Backups when backup API is used.","description_kind":"plain","optional":true,"computed":true,"sensitive":true},"claims_token_expiration":{"type":"number","description":"Number of minutes the Claims Token is valid both for administrators and clients.","description_kind":"plain","optional":true,"computed":true},"collective_id":{"type":"string","description":"A randomly generated ID during first installation to identify the Collective.","description_kind":"plain","computed":true},"entitlement_token_expiration":{"type":"number","description":"Number of minutes the Entitlement Token is valid for clients.","description_kind":"plain","optional":true,"computed":true},"fips":{"type":"bool","description":"FIPS 140-2 Compliant Tunneling.","description_kind":"plain","optional":true,"computed":true},"geo_ip_updates":{"type":"bool","description":"Whether the automatic GeoIp updates are enabled or not.","description_kind":"plain","optional":true,"computed":true},"has_backup_passphrase":{"type":"bool","description":"Whether there is a backup passphrase set or not. Deprecated as of 5.0. Use backupApiEnabled instead.","description_kind":"plain","deprecated":true,"optional":true,"computed":true},"id":{"type":"string","description_kind":"plain","optional":true,"computed":true},"login_banner_message":{"type":"string","description":"The configured message will be displayed on the login UI.","description_kind":"plain","optional":true,"computed":true},"message_of_the_day":{"type":"string","description":"The configured message will be displayed after a successful logging.","description_kind":"plain","optional":true,"computed":true},"profile_hostname":{"type":"string","description":"Client Connections, The hostname to use for generating profile URLs.","description_kind":"plain","optional":true,"computed":true},"vpn_certificate_expiration":{"type":"number","description":"Number of minutes the VPN certificates is valid for clients.","description_kind":"plain","optional":true,"computed":true}},"block_types":{"timeouts":{"nesting_mode":"single","block":{"attributes":{"create":{"type":"string","description_kind":"plain","optional":true},"delete":{"type":"string","description_kind":"plain","optional":true},"update":{"type":"string","description_kind":"plain","optional":true}},"description_kind":"plain"}}},"description_kind":"plain"}},"appgatesdp_ip_pool":{"version":1,"block":{"attributes":{"id":{"type":"string","description_kind":"plain","optional":true,"computed":true},"ip_pool_id":{"type":"string","description":"ID of the object.","description_kind":"plain","computed":true},"ip_version6":{"type":"bool","description_kind":"plain","optional":true},"lease_time_days":{"type":"number","description_kind":"plain","optional":true},"name":{"type":"string","description":"Name of the object.","description_kind":"plain","required":true},"notes":{"type":"string","description":"Notes for the object. Used for documentation purposes.","description_kind":"plain","optional":true},"tags":{"type":["set","string"],"description":"Array of tags.","description_kind":"plain","optional":true}},"block_types":{"ranges":{"nesting_mode":"list","block":{"attributes":{"first":{"type":"string","description_kind":"plain","required":true},"last":{"type":"string","description_kind":"plain","required":true}},"description_kind":"plain"}},"timeouts":{"nesting_mode":"single","block":{"attributes":{"create":{"type":"string","description_kind":"plain","optional":true},"delete":{"type":"string","description_kind":"plain","optional":true},"update":{"type":"string","description_kind":"plain","optional":true}},"description_kind":"plain"}}},"description_kind":"plain"}},"appgatesdp_ldap_certificate_identity_provider":{"version":0,"block":{"attributes":{"admin_distinguished_name":{"type":"string","description_kind":"plain","required":true},"admin_password":{"type":"string","description_kind":"plain","optional":true,"sensitive":true},"admin_provider":{"type":"bool","description_kind":"plain","optional":true,"computed":true},"base_dn":{"type":"string","description_kind":"plain","optional":true},"block_local_dns_requests":{"type":"bool","description_kind":"plain","optional":true,"computed":true},"ca_certificates":{"type":["list","string"],"description_kind":"plain","required":true},"certificate_attribute":{"type":"string","description_kind":"plain","optional":true},"certificate_user_attribute":{"type":"string","description_kind":"plain","optional":true},"dns_search_domains":{"type":["list","string"],"description_kind":"plain","optional":true},"dns_servers":{"type":["list","string"],"description_kind":"plain","optional":true},"hostnames":{"type":["list","string"],"description_kind":"plain","required":true},"id":{"type":"string","description_kind":"plain","optional":true,"computed":true},"inactivity_timeout_minutes":{"type":"number","description_kind":"plain","optional":true,"computed":true},"ip_pool_v4":{"type":"string","description_kind":"plain","optional":true},"ip_pool_v6":{"type":"string","description_kind":"plain","optional":true},"membership_base_dn":{"type":"string","description_kind":"plain","optional":true},"membership_filter":{"type":"string","description_kind":"plain","optional":true,"computed":true},"name":{"type":"string","description":"Name of the object.","description_kind":"plain","required":true},"notes":{"type":"string","description":"Notes for the object. Used for documentation purposes.","description_kind":"plain","optional":true},"object_class":{"type":"string","description_kind":"plain","optional":true,"computed":true},"port":{"type":"number","description_kind":"plain","required":true},"skip_x509_external_checks":{"type":"bool","description_kind":"plain","optional":true},"ssl_enabled":{"type":"bool","description_kind":"plain","optional":true,"computed":true},"tags":{"type":["set","string"],"description":"Array of tags.","description_kind":"plain","optional":true},"type":{"type":"string","description_kind":"plain","optional":true},"username_attribute":{"type":"string","description_kind":"plain","optional":true,"computed":true}},"block_types":{"claim_mappings":{"nesting_mode":"set","block":{"attributes":{"attribute_name":{"type":"string","description_kind":"plain","required":true},"claim_name":{"type":"string","description_kind":"plain","required":true},"encrypted":{"type":"bool","description_kind":"plain","optional":true,"computed":true},"list":{"type":"bool","description_kind":"plain","optional":true,"computed":true}},"description_kind":"plain"}},"on_boarding_two_factor":{"nesting_mode":"list","block":{"attributes":{"always_required":{"type":"bool","description_kind":"plain","optional":true},"claim_suffix":{"type":"string","description_kind":"plain","optional":true},"device_limit_per_user":{"type":"number","description_kind":"plain","optional":true,"computed":true},"message":{"type":"string","description_kind":"plain","optional":true},"mfa_provider_id":{"type":"string","description_kind":"plain","required":true}},"description_kind":"plain"},"max_items":1},"on_demand_claim_mappings":{"nesting_mode":"set","block":{"attributes":{"claim_name":{"type":"string","description_kind":"plain","required":true},"command":{"type":"string","description_kind":"plain","required":true},"platform":{"type":"string","description_kind":"plain","required":true}},"block_types":{"parameters":{"nesting_mode":"list","block":{"attributes":{"args":{"type":"string","description_kind":"plain","optional":true,"computed":true},"name":{"type":"string","description_kind":"plain","optional":true,"computed":true},"path":{"type":"string","description_kind":"plain","optional":true,"computed":true}},"description_kind":"plain"},"max_items":1}},"description_kind":"plain"}}},"description_kind":"plain"}},"appgatesdp_ldap_identity_provider":{"version":0,"block":{"attributes":{"admin_distinguished_name":{"type":"string","description_kind":"plain","required":true},"admin_password":{"type":"string","description_kind":"plain","optional":true,"sensitive":true},"admin_provider":{"type":"bool","description_kind":"plain","optional":true,"computed":true},"base_dn":{"type":"string","description_kind":"plain","optional":true},"block_local_dns_requests":{"type":"bool","description_kind":"plain","optional":true,"computed":true},"dns_search_domains":{"type":["list","string"],"description_kind":"plain","optional":true},"dns_servers":{"type":["list","string"],"description_kind":"plain","optional":true},"hostnames":{"type":["list","string"],"description_kind":"plain","required":true},"id":{"type":"string","description_kind":"plain","optional":true,"computed":true},"inactivity_timeout_minutes":{"type":"number","description_kind":"plain","optional":true,"computed":true},"ip_pool_v4":{"type":"string","description_kind":"plain","optional":true},"ip_pool_v6":{"type":"string","description_kind":"plain","optional":true},"membership_base_dn":{"type":"string","description_kind":"plain","optional":true},"membership_filter":{"type":"string","description_kind":"plain","optional":true,"computed":true},"name":{"type":"string","description":"Name of the object.","description_kind":"plain","required":true},"notes":{"type":"string","description":"Notes for the object. Used for documentation purposes.","description_kind":"plain","optional":true},"object_class":{"type":"string","description_kind":"plain","optional":true,"computed":true},"port":{"type":"number","description_kind":"plain","required":true},"ssl_enabled":{"type":"bool","description_kind":"plain","optional":true,"computed":true},"tags":{"type":["set","string"],"description":"Array of tags.","description_kind":"plain","optional":true},"type":{"type":"string","description_kind":"plain","optional":true},"username_attribute":{"type":"string","description_kind":"plain","optional":true,"computed":true}},"block_types":{"claim_mappings":{"nesting_mode":"set","block":{"attributes":{"attribute_name":{"type":"string","description_kind":"plain","required":true},"claim_name":{"type":"string","description_kind":"plain","required":true},"encrypted":{"type":"bool","description_kind":"plain","optional":true,"computed":true},"list":{"type":"bool","description_kind":"plain","optional":true,"computed":true}},"description_kind":"plain"}},"on_boarding_two_factor":{"nesting_mode":"list","block":{"attributes":{"always_required":{"type":"bool","description_kind":"plain","optional":true},"claim_suffix":{"type":"string","description_kind":"plain","optional":true},"device_limit_per_user":{"type":"number","description_kind":"plain","optional":true,"computed":true},"message":{"type":"string","description_kind":"plain","optional":true},"mfa_provider_id":{"type":"string","description_kind":"plain","required":true}},"description_kind":"plain"},"max_items":1},"on_demand_claim_mappings":{"nesting_mode":"set","block":{"attributes":{"claim_name":{"type":"string","description_kind":"plain","required":true},"command":{"type":"string","description_kind":"plain","required":true},"platform":{"type":"string","description_kind":"plain","required":true}},"block_types":{"parameters":{"nesting_mode":"list","block":{"attributes":{"args":{"type":"string","description_kind":"plain","optional":true,"computed":true},"name":{"type":"string","description_kind":"plain","optional":true,"computed":true},"path":{"type":"string","description_kind":"plain","optional":true,"computed":true}},"description_kind":"plain"},"max_items":1}},"description_kind":"plain"}},"password_warning":{"nesting_mode":"list","block":{"attributes":{"enabled":{"type":"bool","description_kind":"plain","optional":true,"computed":true},"message":{"type":"string","description_kind":"plain","optional":true},"threshold_days":{"type":"number","description_kind":"plain","optional":true,"computed":true}},"description_kind":"plain"},"max_items":1},"timeouts":{"nesting_mode":"single","block":{"attributes":{"create":{"type":"string","description_kind":"plain","optional":true},"delete":{"type":"string","description_kind":"plain","optional":true},"update":{"type":"string","description_kind":"plain","optional":true}},"description_kind":"plain"}}},"description_kind":"plain"}},"appgatesdp_license":{"version":1,"block":{"attributes":{"id":{"type":"string","description_kind":"plain","optional":true,"computed":true},"license":{"type":"string","description":"The license file contents for this Controller (with the matching request code).","description_kind":"plain","required":true,"sensitive":true}},"block_types":{"timeouts":{"nesting_mode":"single","block":{"attributes":{"create":{"type":"string","description_kind":"plain","optional":true},"delete":{"type":"string","description_kind":"plain","optional":true},"update":{"type":"string","description_kind":"plain","optional":true}},"description_kind":"plain"}}},"description_kind":"plain"}},"appgatesdp_local_database_identity_provider":{"version":0,"block":{"attributes":{"admin_provider":{"type":"bool","description_kind":"plain","optional":true,"computed":true},"block_local_dns_requests":{"type":"bool","description_kind":"plain","optional":true,"computed":true},"dns_search_domains":{"type":["list","string"],"description_kind":"plain","optional":true},"dns_servers":{"type":["list","string"],"description_kind":"plain","optional":true},"id":{"type":"string","description_kind":"plain","optional":true,"computed":true},"inactivity_timeout_minutes":{"type":"number","description_kind":"plain","optional":true,"computed":true},"ip_pool_v4":{"type":"string","description_kind":"plain","optional":true},"ip_pool_v6":{"type":"string","description_kind":"plain","optional":true},"min_password_length":{"type":"number","description_kind":"plain","optional":true},"name":{"type":"string","description_kind":"plain","optional":true},"notes":{"type":"string","description":"Notes for the object. Used for documentation purposes.","description_kind":"plain","optional":true},"tags":{"type":["set","string"],"description":"Array of tags.","description_kind":"plain","optional":true},"type":{"type":"string","description_kind":"plain","optional":true},"user_lockout_threshold":{"type":"number","description_kind":"plain","optional":true}},"block_types":{"claim_mappings":{"nesting_mode":"set","block":{"attributes":{"attribute_name":{"type":"string","description_kind":"plain","required":true},"claim_name":{"type":"string","description_kind":"plain","required":true},"encrypted":{"type":"bool","description_kind":"plain","optional":true,"computed":true},"list":{"type":"bool","description_kind":"plain","optional":true,"computed":true}},"description_kind":"plain"}},"on_boarding_two_factor":{"nesting_mode":"list","block":{"attributes":{"always_required":{"type":"bool","description_kind":"plain","optional":true},"claim_suffix":{"type":"string","description_kind":"plain","optional":true},"device_limit_per_user":{"type":"number","description_kind":"plain","optional":true,"computed":true},"message":{"type":"string","description_kind":"plain","optional":true},"mfa_provider_id":{"type":"string","description_kind":"plain","required":true}},"description_kind":"plain"},"max_items":1},"on_demand_claim_mappings":{"nesting_mode":"set","block":{"attributes":{"claim_name":{"type":"string","description_kind":"plain","required":true},"command":{"type":"string","description_kind":"plain","required":true},"platform":{"type":"string","description_kind":"plain","required":true}},"block_types":{"parameters":{"nesting_mode":"list","block":{"attributes":{"args":{"type":"string","description_kind":"plain","optional":true,"computed":true},"name":{"type":"string","description_kind":"plain","optional":true,"computed":true},"path":{"type":"string","description_kind":"plain","optional":true,"computed":true}},"description_kind":"plain"},"max_items":1}},"description_kind":"plain"}}},"description_kind":"plain"}},"appgatesdp_local_user":{"version":1,"block":{"attributes":{"email":{"type":"string","description_kind":"plain","optional":true},"failed_login_attempts":{"type":"number","description_kind":"plain","optional":true,"computed":true},"first_name":{"type":"string","description_kind":"plain","required":true},"id":{"type":"string","description_kind":"plain","optional":true,"computed":true},"last_name":{"type":"string","description_kind":"plain","required":true},"local_user_id":{"type":"string","description":"ID of the object.","description_kind":"plain","computed":true},"lock_start":{"type":"string","description_kind":"plain","optional":true,"computed":true},"name":{"type":"string","description":"Name of the object.","description_kind":"plain","required":true},"notes":{"type":"string","description":"Notes for the object. Used for documentation purposes.","description_kind":"plain","optional":true},"password":{"type":"string","description_kind":"plain","required":true,"sensitive":true},"phone":{"type":"string","description_kind":"plain","optional":true},"tags":{"type":["set","string"],"description":"Array of tags.","description_kind":"plain","optional":true}},"block_types":{"timeouts":{"nesting_mode":"single","block":{"attributes":{"create":{"type":"string","description_kind":"plain","optional":true},"delete":{"type":"string","description_kind":"plain","optional":true},"update":{"type":"string","description_kind":"plain","optional":true}},"description_kind":"plain"}}},"description_kind":"plain"}},"appgatesdp_mfa_provider":{"version":1,"block":{"attributes":{"authentication_protocol":{"type":"string","description_kind":"plain","optional":true,"computed":true},"challenge_shared_secret":{"type":"string","description_kind":"plain","optional":true,"computed":true,"sensitive":true},"hostnames":{"type":["set","string"],"description_kind":"plain","required":true},"id":{"type":"string","description_kind":"plain","optional":true,"computed":true},"input_type":{"type":"string","description_kind":"plain","optional":true},"mfa_provider_id":{"type":"string","description":"ID of the object.","description_kind":"plain","computed":true},"mode":{"type":"string","description_kind":"plain","optional":true,"computed":true},"name":{"type":"string","description":"Name of the object.","description_kind":"plain","required":true},"notes":{"type":"string","description":"Notes for the object. Used for documentation purposes.","description_kind":"plain","optional":true},"port":{"type":"number","description_kind":"plain","required":true},"shared_secret":{"type":"string","description_kind":"plain","optional":true,"sensitive":true},"tags":{"type":["set","string"],"description":"Array of tags.","description_kind":"plain","optional":true},"timeout":{"type":"number","description_kind":"plain","optional":true,"computed":true},"type":{"type":"string","description_kind":"plain","required":true},"use_user_password":{"type":"bool","description_kind":"plain","optional":true,"computed":true}},"block_types":{"timeouts":{"nesting_mode":"single","block":{"attributes":{"create":{"type":"string","description_kind":"plain","optional":true},"delete":{"type":"string","description_kind":"plain","optional":true},"update":{"type":"string","description_kind":"plain","optional":true}},"description_kind":"plain"}}},"description_kind":"plain"}},"appgatesdp_policy":{"version":1,"block":{"attributes":{"administrative_roles":{"type":["set","string"],"description_kind":"plain","optional":true},"disabled":{"type":"bool","description_kind":"plain","optional":true},"entitlement_links":{"type":["set","string"],"description_kind":"plain","optional":true},"entitlements":{"type":["set","string"],"description_kind":"plain","optional":true},"expression":{"type":"string","description_kind":"plain","required":true},"id":{"type":"string","description_kind":"plain","optional":true,"computed":true},"name":{"type":"string","description":"Name of the object.","description_kind":"plain","required":true},"notes":{"type":"string","description":"Name of the object.","description_kind":"plain","optional":true},"override_site":{"type":"string","description_kind":"plain","optional":true},"policy_id":{"type":"string","description":"ID of the object.","description_kind":"plain","computed":true},"ringfence_rule_links":{"type":["set","string"],"description_kind":"plain","optional":true},"ringfence_rules":{"type":["set","string"],"description_kind":"plain","optional":true},"tags":{"type":["set","string"],"description":"Array of tags.","description_kind":"plain","optional":true},"tamper_proofing":{"type":"bool","description_kind":"plain","optional":true}},"block_types":{"proxy_auto_config":{"nesting_mode":"list","block":{"attributes":{"enabled":{"type":"bool","description_kind":"plain","optional":true,"computed":true},"persist":{"type":"bool","description_kind":"plain","optional":true,"computed":true},"url":{"type":"string","description_kind":"plain","optional":true}},"description":"Client configures PAC URL on the client OS.","description_kind":"plain"},"max_items":1},"timeouts":{"nesting_mode":"single","block":{"attributes":{"create":{"type":"string","description_kind":"plain","optional":true},"delete":{"type":"string","description_kind":"plain","optional":true},"update":{"type":"string","description_kind":"plain","optional":true}},"description_kind":"plain"}},"trusted_network_check":{"nesting_mode":"list","block":{"attributes":{"dns_suffix":{"type":"string","description_kind":"plain","optional":true},"enabled":{"type":"bool","description_kind":"plain","optional":true,"computed":true}},"description":"Client suspends operations when it's in a trusted network.","description_kind":"plain"},"max_items":1}},"description_kind":"plain"}},"appgatesdp_radius_identity_provider":{"version":0,"block":{"attributes":{"admin_provider":{"type":"bool","description_kind":"plain","optional":true,"computed":true},"authentication_protocol":{"type":"string","description_kind":"plain","optional":true},"block_local_dns_requests":{"type":"bool","description_kind":"plain","optional":true,"computed":true},"dns_search_domains":{"type":["list","string"],"description_kind":"plain","optional":true},"dns_servers":{"type":["list","string"],"description_kind":"plain","optional":true},"hostnames":{"type":["list","string"],"description_kind":"plain","required":true},"id":{"type":"string","description_kind":"plain","optional":true,"computed":true},"inactivity_timeout_minutes":{"type":"number","description_kind":"plain","optional":true,"computed":true},"ip_pool_v4":{"type":"string","description_kind":"plain","optional":true},"ip_pool_v6":{"type":"string","description_kind":"plain","optional":true},"name":{"type":"string","description":"Name of the object.","description_kind":"plain","required":true},"notes":{"type":"string","description":"Notes for the object. Used for documentation purposes.","description_kind":"plain","optional":true},"port":{"type":"number","description_kind":"plain","required":true},"shared_secret":{"type":"string","description_kind":"plain","required":true,"sensitive":true},"tags":{"type":["set","string"],"description":"Array of tags.","description_kind":"plain","optional":true},"type":{"type":"string","description_kind":"plain","optional":true}},"block_types":{"claim_mappings":{"nesting_mode":"set","block":{"attributes":{"attribute_name":{"type":"string","description_kind":"plain","required":true},"claim_name":{"type":"string","description_kind":"plain","required":true},"encrypted":{"type":"bool","description_kind":"plain","optional":true,"computed":true},"list":{"type":"bool","description_kind":"plain","optional":true,"computed":true}},"description_kind":"plain"}},"on_boarding_two_factor":{"nesting_mode":"list","block":{"attributes":{"always_required":{"type":"bool","description_kind":"plain","optional":true},"claim_suffix":{"type":"string","description_kind":"plain","optional":true},"device_limit_per_user":{"type":"number","description_kind":"plain","optional":true,"computed":true},"message":{"type":"string","description_kind":"plain","optional":true},"mfa_provider_id":{"type":"string","description_kind":"plain","required":true}},"description_kind":"plain"},"max_items":1},"on_demand_claim_mappings":{"nesting_mode":"set","block":{"attributes":{"claim_name":{"type":"string","description_kind":"plain","required":true},"command":{"type":"string","description_kind":"plain","required":true},"platform":{"type":"string","description_kind":"plain","required":true}},"block_types":{"parameters":{"nesting_mode":"list","block":{"attributes":{"args":{"type":"string","description_kind":"plain","optional":true,"computed":true},"name":{"type":"string","description_kind":"plain","optional":true,"computed":true},"path":{"type":"string","description_kind":"plain","optional":true,"computed":true}},"description_kind":"plain"},"max_items":1}},"description_kind":"plain"}},"timeouts":{"nesting_mode":"single","block":{"attributes":{"create":{"type":"string","description_kind":"plain","optional":true},"delete":{"type":"string","description_kind":"plain","optional":true},"update":{"type":"string","description_kind":"plain","optional":true}},"description_kind":"plain"}}},"description_kind":"plain"}},"appgatesdp_ringfence_rule":{"version":1,"block":{"attributes":{"id":{"type":"string","description_kind":"plain","optional":true,"computed":true},"name":{"type":"string","description":"Name of the object.","description_kind":"plain","required":true},"notes":{"type":"string","description":"Notes for the object. Used for documentation purposes.","description_kind":"plain","optional":true},"ringfence_rule_id":{"type":"string","description":"ID of the object.","description_kind":"plain","computed":true},"tags":{"type":["set","string"],"description":"Array of tags.","description_kind":"plain","optional":true}},"block_types":{"actions":{"nesting_mode":"list","block":{"attributes":{"action":{"type":"string","description_kind":"plain","required":true},"direction":{"type":"string","description_kind":"plain","required":true},"hosts":{"type":["list","string"],"description_kind":"plain","required":true},"ports":{"type":["list","string"],"description_kind":"plain","optional":true},"protocol":{"type":"string","description_kind":"plain","required":true},"types":{"type":["list","string"],"description_kind":"plain","optional":true}},"description_kind":"plain"},"min_items":1},"timeouts":{"nesting_mode":"single","block":{"attributes":{"create":{"type":"string","description_kind":"plain","optional":true},"delete":{"type":"string","description_kind":"plain","optional":true},"update":{"type":"string","description_kind":"plain","optional":true}},"description_kind":"plain"}}},"description_kind":"plain"}},"appgatesdp_saml_identity_provider":{"version":0,"block":{"attributes":{"admin_provider":{"type":"bool","description_kind":"plain","optional":true,"computed":true},"audience":{"type":"string","description_kind":"plain","required":true},"block_local_dns_requests":{"type":"bool","description_kind":"plain","optional":true,"computed":true},"decryption_key":{"type":"string","description_kind":"plain","optional":true},"dns_search_domains":{"type":["list","string"],"description_kind":"plain","optional":true},"dns_servers":{"type":["list","string"],"description_kind":"plain","optional":true},"force_authn":{"type":"bool","description_kind":"plain","optional":true},"id":{"type":"string","description_kind":"plain","optional":true,"computed":true},"inactivity_timeout_minutes":{"type":"number","description_kind":"plain","optional":true,"computed":true},"ip_pool_v4":{"type":"string","description_kind":"plain","optional":true},"ip_pool_v6":{"type":"string","description_kind":"plain","optional":true},"issuer":{"type":"string","description_kind":"plain","required":true},"name":{"type":"string","description":"Name of the object.","description_kind":"plain","required":true},"notes":{"type":"string","description":"Notes for the object. Used for documentation purposes.","description_kind":"plain","optional":true},"provider_certificate":{"type":"string","description_kind":"plain","required":true},"redirect_url":{"type":"string","description_kind":"plain","required":true},"tags":{"type":["set","string"],"description":"Array of tags.","description_kind":"plain","optional":true},"type":{"type":"string","description_kind":"plain","optional":true}},"block_types":{"claim_mappings":{"nesting_mode":"set","block":{"attributes":{"attribute_name":{"type":"string","description_kind":"plain","required":true},"claim_name":{"type":"string","description_kind":"plain","required":true},"encrypted":{"type":"bool","description_kind":"plain","optional":true,"computed":true},"list":{"type":"bool","description_kind":"plain","optional":true,"computed":true}},"description_kind":"plain"}},"on_boarding_two_factor":{"nesting_mode":"list","block":{"attributes":{"always_required":{"type":"bool","description_kind":"plain","optional":true},"claim_suffix":{"type":"string","description_kind":"plain","optional":true},"device_limit_per_user":{"type":"number","description_kind":"plain","optional":true,"computed":true},"message":{"type":"string","description_kind":"plain","optional":true},"mfa_provider_id":{"type":"string","description_kind":"plain","required":true}},"description_kind":"plain"},"max_items":1},"on_demand_claim_mappings":{"nesting_mode":"set","block":{"attributes":{"claim_name":{"type":"string","description_kind":"plain","required":true},"command":{"type":"string","description_kind":"plain","required":true},"platform":{"type":"string","description_kind":"plain","required":true}},"block_types":{"parameters":{"nesting_mode":"list","block":{"attributes":{"args":{"type":"string","description_kind":"plain","optional":true,"computed":true},"name":{"type":"string","description_kind":"plain","optional":true,"computed":true},"path":{"type":"string","description_kind":"plain","optional":true,"computed":true}},"description_kind":"plain"},"max_items":1}},"description_kind":"plain"}},"timeouts":{"nesting_mode":"single","block":{"attributes":{"create":{"type":"string","description_kind":"plain","optional":true},"delete":{"type":"string","description_kind":"plain","optional":true},"update":{"type":"string","description_kind":"plain","optional":true}},"description_kind":"plain"}}},"description_kind":"plain"}},"appgatesdp_site":{"version":1,"block":{"attributes":{"description":{"type":"string","description_kind":"plain","optional":true},"entitlement_based_routing":{"type":"bool","description_kind":"plain","optional":true},"id":{"type":"string","description_kind":"plain","optional":true,"computed":true},"ip_pool_mappings":{"type":["set",["object",{"from":"string","to":"string"}]],"description_kind":"plain","optional":true},"name":{"type":"string","description":"Name of the object.","description_kind":"plain","required":true},"network_subnets":{"type":["set","string"],"description":"Network subnets in CIDR format to define the Site's boundaries. They are added as routes by the Client.","description_kind":"plain","optional":true},"notes":{"type":"string","description":"Notes for the object. Used for documentation purposes.","description_kind":"plain","optional":true},"short_name":{"type":"string","description":"A short 4 letter name for the site","description_kind":"plain","optional":true},"site_id":{"type":"string","description":"ID of the object.","description_kind":"plain","computed":true},"tags":{"type":["set","string"],"description":"Array of tags.","description_kind":"plain","optional":true}},"block_types":{"default_gateway":{"nesting_mode":"set","block":{"attributes":{"enabled_v4":{"type":"bool","description_kind":"plain","optional":true},"enabled_v6":{"type":"bool","description_kind":"plain","optional":true},"excluded_subnets":{"type":["list","string"],"description_kind":"plain","optional":true}},"description_kind":"plain"}},"name_resolution":{"nesting_mode":"list","block":{"attributes":{"use_hosts_file":{"type":"bool","description_kind":"plain","optional":true,"computed":true}},"block_types":{"aws_resolvers":{"nesting_mode":"set","block":{"attributes":{"access_key_id":{"type":"string","description_kind":"plain","optional":true},"https_proxy":{"type":"string","description_kind":"plain","optional":true},"name":{"type":"string","description_kind":"plain","required":true},"regions":{"type":["list","string"],"description_kind":"plain","optional":true},"resolve_with_master_credentials":{"type":"bool","description_kind":"plain","optional":true},"secret_access_key":{"type":"string","description_kind":"plain","optional":true},"update_interval":{"type":"number","description_kind":"plain","optional":true},"use_iam_role":{"type":"bool","description_kind":"plain","optional":true},"vpc_auto_discovery":{"type":"bool","description_kind":"plain","optional":true},"vpcs":{"type":["list","string"],"description_kind":"plain","optional":true}},"block_types":{"assumed_roles":{"nesting_mode":"list","block":{"attributes":{"account_id":{"type":"string","description_kind":"plain","optional":true},"external_id":{"type":"string","description_kind":"plain","optional":true},"regions":{"type":["list","string"],"description_kind":"plain","optional":true},"role_name":{"type":"string","description_kind":"plain","optional":true}},"description_kind":"plain"}}},"description_kind":"plain"}},"azure_resolvers":{"nesting_mode":"set","block":{"attributes":{"client_id":{"type":"string","description_kind":"plain","required":true},"name":{"type":"string","description_kind":"plain","optional":true},"secret":{"type":"string","description_kind":"plain","optional":true,"sensitive":true},"subscription_id":{"type":"string","description_kind":"plain","required":true},"tenant_id":{"type":"string","description_kind":"plain","required":true},"update_interval":{"type":"number","description_kind":"plain","optional":true}},"description_kind":"plain"}},"dns_resolvers":{"nesting_mode":"set","block":{"attributes":{"name":{"type":"string","description_kind":"plain","required":true},"search_domains":{"type":["list","string"],"description_kind":"plain","optional":true},"servers":{"type":["list","string"],"description_kind":"plain","required":true},"update_interval":{"type":"number","description_kind":"plain","optional":true}},"description_kind":"plain"}},"esx_resolvers":{"nesting_mode":"set","block":{"attributes":{"hostname":{"type":"string","description_kind":"plain","optional":true},"name":{"type":"string","description_kind":"plain","required":true},"password":{"type":"string","description_kind":"plain","required":true,"sensitive":true},"update_interval":{"type":"number","description_kind":"plain","optional":true},"username":{"type":"string","description_kind":"plain","required":true,"sensitive":true}},"description_kind":"plain"}},"gcp_resolvers":{"nesting_mode":"set","block":{"attributes":{"instance_filter":{"type":"string","description_kind":"plain","optional":true},"name":{"type":"string","description_kind":"plain","optional":true},"project_filter":{"type":"string","description_kind":"plain","optional":true},"update_interval":{"type":"number","description_kind":"plain","optional":true}},"description_kind":"plain"}}},"description_kind":"plain"},"max_items":1},"timeouts":{"nesting_mode":"single","block":{"attributes":{"create":{"type":"string","description_kind":"plain","optional":true},"delete":{"type":"string","description_kind":"plain","optional":true},"update":{"type":"string","description_kind":"plain","optional":true}},"description_kind":"plain"}},"vpn":{"nesting_mode":"list","block":{"attributes":{"ip_access_log_interval_seconds":{"type":"number","description_kind":"plain","optional":true,"computed":true},"snat":{"type":"bool","description_kind":"plain","required":true},"state_sharing":{"type":"bool","description_kind":"plain","required":true},"web_proxy_enabled":{"type":"bool","description":"Flag for manipulating web proxy p12 file. Setting this false will delete the existing p12 file from database.","description_kind":"plain","deprecated":true,"optional":true,"computed":true},"web_proxy_key_store":{"type":"string","description":"The PKCS12 package to be used for web proxy. The file must be with no password and must include the full certificate chain and a private key. In Base64 format.","description_kind":"plain","deprecated":true,"optional":true},"web_proxy_verify_upstream_certificate":{"type":"bool","description":"Gateway will verify the certificate of the endpoints.","description_kind":"plain","deprecated":true,"optional":true}},"block_types":{"dtls":{"nesting_mode":"set","block":{"attributes":{"enabled":{"type":"bool","description_kind":"plain","required":true}},"description_kind":"plain"}},"route_via":{"nesting_mode":"set","block":{"attributes":{"ipv4":{"type":"string","description_kind":"plain","required":true},"ipv6":{"type":"string","description_kind":"plain","required":true}},"description_kind":"plain"}},"tls":{"nesting_mode":"set","block":{"attributes":{"enabled":{"type":"bool","description_kind":"plain","required":true}},"description_kind":"plain"}}},"description_kind":"plain"},"max_items":1}},"description_kind":"plain"}},"appgatesdp_trusted_certificate":{"version":1,"block":{"attributes":{"id":{"type":"string","description_kind":"plain","optional":true,"computed":true},"name":{"type":"string","description":"Name of the object.","description_kind":"plain","required":true},"notes":{"type":"string","description":"Notes for the object. Used for documentation purposes.","description_kind":"plain","optional":true},"pem":{"type":"string","description":"A certificate in PEM format.","description_kind":"plain","required":true},"tags":{"type":["set","string"],"description":"Array of tags.","description_kind":"plain","optional":true},"trusted_certificate_id":{"type":"string","description":"ID of the object.","description_kind":"plain","computed":true}},"block_types":{"timeouts":{"nesting_mode":"single","block":{"attributes":{"create":{"type":"string","description_kind":"plain","optional":true},"delete":{"type":"string","description_kind":"plain","optional":true},"update":{"type":"string","description_kind":"plain","optional":true}},"description_kind":"plain"}}},"description_kind":"plain"}}},"data_source_schemas":{"appgatesdp_administrative_role":{"version":1,"block":{"attributes":{"administrative_role_id":{"type":"string","description_kind":"plain","optional":true,"computed":true},"administrative_role_name":{"type":"string","description_kind":"plain","optional":true,"computed":true},"id":{"type":"string","description_kind":"plain","optional":true,"computed":true}},"description_kind":"plain"}},"appgatesdp_appliance":{"version":1,"block":{"attributes":{"appliance_id":{"type":"string","description_kind":"plain","optional":true},"appliance_name":{"type":"string","description_kind":"plain","optional":true},"id":{"type":"string","description_kind":"plain","optional":true,"computed":true}},"description_kind":"plain"}},"appgatesdp_appliance_customization":{"version":1,"block":{"attributes":{"appliance_customization_id":{"type":"string","description_kind":"plain","optional":true,"computed":true},"appliance_customization_name":{"type":"string","description_kind":"plain","optional":true,"computed":true},"id":{"type":"string","description_kind":"plain","optional":true,"computed":true}},"description_kind":"plain"}},"appgatesdp_appliance_seed":{"version":0,"block":{"attributes":{"appliance_id":{"type":"string","description_kind":"plain","required":true},"id":{"type":"string","description_kind":"plain","optional":true,"computed":true},"latest_version":{"type":"bool","description_kind":"plain","optional":true},"password":{"type":"string","description_kind":"plain","optional":true,"sensitive":true},"provide_cloud_ssh_key":{"type":"bool","description_kind":"plain","optional":true},"seed_file":{"type":"string","description":"Seed file (json) generated from appliance used in remote-exec.","description_kind":"plain","computed":true},"ssh_key":{"type":"string","description_kind":"plain","optional":true}},"description_kind":"plain"}},"appgatesdp_certificate_authority":{"version":0,"block":{"attributes":{"certificate":{"type":"string","description_kind":"plain","computed":true},"fingerprint":{"type":"string","description_kind":"plain","computed":true},"id":{"type":"string","description_kind":"plain","optional":true,"computed":true},"issuer":{"type":"string","description_kind":"plain","computed":true},"pem":{"type":"bool","description":"Get the current CA Certificate in PEM format.","description_kind":"plain","optional":true},"serial":{"type":"string","description_kind":"plain","computed":true},"subject":{"type":"string","description_kind":"plain","computed":true},"subject_public_key":{"type":"string","description_kind":"plain","computed":true},"valid_from":{"type":"string","description_kind":"plain","computed":true},"valid_to":{"type":"string","description_kind":"plain","computed":true},"version":{"type":"number","description_kind":"plain","computed":true}},"description_kind":"plain"}},"appgatesdp_condition":{"version":1,"block":{"attributes":{"condition_id":{"type":"string","description_kind":"plain","optional":true},"condition_name":{"type":"string","description_kind":"plain","optional":true},"id":{"type":"string","description_kind":"plain","optional":true,"computed":true}},"description_kind":"plain"}},"appgatesdp_criteria_script":{"version":1,"block":{"attributes":{"criteria_script_id":{"type":"string","description_kind":"plain","optional":true},"criteria_script_name":{"type":"string","description_kind":"plain","optional":true},"id":{"type":"string","description_kind":"plain","optional":true,"computed":true}},"description_kind":"plain"}},"appgatesdp_device_script":{"version":1,"block":{"attributes":{"device_script_id":{"type":"string","description_kind":"plain","optional":true},"device_script_name":{"type":"string","description_kind":"plain","optional":true},"id":{"type":"string","description_kind":"plain","optional":true,"computed":true}},"description_kind":"plain"}},"appgatesdp_entitlement":{"version":0,"block":{"attributes":{"entitlement_id":{"type":"string","description_kind":"plain","optional":true},"entitlement_name":{"type":"string","description_kind":"plain","optional":true},"id":{"type":"string","description_kind":"plain","optional":true,"computed":true}},"description_kind":"plain"}},"appgatesdp_entitlement_script":{"version":1,"block":{"attributes":{"entitlement_script_id":{"type":"string","description_kind":"plain","optional":true},"entitlement_script_name":{"type":"string","description_kind":"plain","optional":true},"id":{"type":"string","description_kind":"plain","optional":true,"computed":true}},"description_kind":"plain"}},"appgatesdp_global_settings":{"version":1,"block":{"attributes":{"administration_token_expiration":{"type":"number","description":"Number of minutes the administration Token is valid for administrators.","description_kind":"plain","computed":true},"app_discovery_domains":{"type":["set","string"],"description":"Domains to monitor for for App Discovery feature.","description_kind":"plain","computed":true},"audit_log_persistence_mode":{"type":"string","description":"Audit Log persistence mode.","description_kind":"plain","computed":true},"backup_api_enabled":{"type":"bool","description":"Whether the backup API is enabled or not.","description_kind":"plain","computed":true},"claims_token_expiration":{"type":"number","description":"Number of minutes the Claims Token is valid both for administrators and clients.","description_kind":"plain","computed":true},"collective_id":{"type":"string","description":"A randomly generated ID during first installation to identify the Collective.","description_kind":"plain","computed":true},"entitlement_token_expiration":{"type":"number","description":"Number of minutes the Entitlement Token is valid for clients.","description_kind":"plain","computed":true},"fips":{"type":"bool","description":"FIPS 140-2 Compliant Tunneling.","description_kind":"plain","computed":true},"geo_ip_updates":{"type":"bool","description":"Whether the automatic GeoIp updates are enabled or not.","description_kind":"plain","computed":true},"has_backup_passphrase":{"type":"bool","description_kind":"plain","deprecated":true,"computed":true},"id":{"type":"string","description_kind":"plain","optional":true,"computed":true},"login_banner_message":{"type":"string","description":"The configured message will be displayed on the login UI.","description_kind":"plain","computed":true},"message_of_the_day":{"type":"string","description":"The configured message will be displayed after a successful logging.","description_kind":"plain","computed":true},"vpn_certificate_expiration":{"type":"number","description":"Number of minutes the VPN certificates is valid for clients.","description_kind":"plain","computed":true}},"description_kind":"plain"}},"appgatesdp_identity_provider":{"version":0,"block":{"attributes":{"id":{"type":"string","description_kind":"plain","optional":true,"computed":true},"identity_provider_id":{"type":"string","description_kind":"plain","optional":true},"identity_provider_name":{"type":"string","description_kind":"plain","optional":true}},"description_kind":"plain"}},"appgatesdp_ip_pool":{"version":1,"block":{"attributes":{"id":{"type":"string","description_kind":"plain","optional":true,"computed":true},"ip_pool_id":{"type":"string","description_kind":"plain","optional":true,"computed":true},"ip_pool_name":{"type":"string","description_kind":"plain","optional":true,"computed":true}},"description_kind":"plain"}},"appgatesdp_local_user":{"version":1,"block":{"attributes":{"id":{"type":"string","description_kind":"plain","optional":true,"computed":true},"local_user_id":{"type":"string","description_kind":"plain","optional":true,"computed":true},"local_user_name":{"type":"string","description_kind":"plain","optional":true,"computed":true}},"description_kind":"plain"}},"appgatesdp_mfa_provider":{"version":1,"block":{"attributes":{"id":{"type":"string","description_kind":"plain","optional":true,"computed":true},"mfa_provider_id":{"type":"string","description_kind":"plain","optional":true,"computed":true},"mfa_provider_name":{"type":"string","description_kind":"plain","optional":true,"computed":true}},"description_kind":"plain"}},"appgatesdp_policy":{"version":1,"block":{"attributes":{"id":{"type":"string","description_kind":"plain","optional":true,"computed":true},"policy_id":{"type":"string","description_kind":"plain","optional":true},"policy_name":{"type":"string","description_kind":"plain","optional":true},"tags":{"type":["set","string"],"description_kind":"plain","computed":true}},"description_kind":"plain"}},"appgatesdp_ringfence_rule":{"version":1,"block":{"attributes":{"id":{"type":"string","description_kind":"plain","optional":true,"computed":true},"ringfence_rule_id":{"type":"string","description_kind":"plain","optional":true},"ringfence_rule_name":{"type":"string","description_kind":"plain","optional":true},"tags":{"type":["set","string"],"description_kind":"plain","computed":true}},"description_kind":"plain"}},"appgatesdp_site":{"version":1,"block":{"attributes":{"created":{"type":"string","description_kind":"plain","computed":true},"id":{"type":"string","description_kind":"plain","optional":true,"computed":true},"notes":{"type":"string","description_kind":"plain","computed":true},"short_name":{"type":"string","description_kind":"plain","computed":true},"site_id":{"type":"string","description_kind":"plain","optional":true},"site_name":{"type":"string","description_kind":"plain","optional":true},"tags":{"type":["set","string"],"description_kind":"plain","computed":true},"updated":{"type":"string","description_kind":"plain","computed":true}},"description_kind":"plain"}},"appgatesdp_trusted_certificate":{"version":1,"block":{"attributes":{"id":{"type":"string","description_kind":"plain","optional":true,"computed":true},"trusted_certificate_id":{"type":"string","description_kind":"plain","optional":true,"computed":true},"trusted_certificate_name":{"type":"string","description_kind":"plain","optional":true,"computed":true}},"description_kind":"plain"}}}}}}
