{"format_version":"0.2","provider_schemas":{"registry.terraform.io/openaxon/identitynow":{"provider":{"version":0,"block":{"attributes":{"api_url":{"type":"string","description":"The URL to the IdentityNow API","description_kind":"plain","optional":true},"client_id":{"type":"string","description":"API client used to authenticate with the IdentityNow API","description_kind":"plain","optional":true,"sensitive":true},"client_secret":{"type":"string","description":"API client secret used to authenticate with the IdentityNow API","description_kind":"plain","optional":true,"sensitive":true}},"description_kind":"plain"}},"resource_schemas":{"identitynow_access_profile":{"version":0,"block":{"attributes":{"approval_schemes":{"type":"string","description_kind":"plain","optional":true},"denied_comments_required":{"type":"bool","description":"Access Profile Denied Comments Required","description_kind":"plain","optional":true},"description":{"type":"string","description":"Access Profile description","description_kind":"plain","required":true},"disabled":{"type":"bool","description_kind":"plain","optional":true},"entitlements":{"type":["list","string"],"description":"Access Profile Entitlements.","description_kind":"plain","optional":true},"id":{"type":"string","description_kind":"plain","optional":true,"computed":true},"name":{"type":"string","description":"Access Profile name","description_kind":"plain","required":true},"owner_id":{"type":"number","description_kind":"plain","required":true},"protected":{"type":"bool","description_kind":"plain","computed":true},"request_comments_required":{"type":"bool","description_kind":"plain","optional":true},"requestable":{"type":"bool","description_kind":"plain","computed":true},"revoke_request_approval_schemes":{"type":"string","description_kind":"plain","optional":true},"source_id":{"type":"number","description":"Source Id that Access Profile is going to create for","description_kind":"plain","required":true},"source_name":{"type":"string","description_kind":"plain","computed":true}},"description_kind":"plain"}},"identitynow_account_aggregation_schedule":{"version":0,"block":{"attributes":{"cron_expressions":{"type":["list","string"],"description":"Account aggregation scheduling in cron Expression format.","description_kind":"plain","required":true},"id":{"type":"string","description_kind":"plain","optional":true,"computed":true},"source_id":{"type":"string","description":"Source ID","description_kind":"plain","required":true}},"description_kind":"plain"}},"identitynow_account_schema_attribute":{"version":0,"block":{"attributes":{"description":{"type":"string","description_kind":"plain","optional":true},"display_attribute":{"type":"bool","description_kind":"plain","optional":true},"entitlement":{"type":"bool","description_kind":"plain","optional":true},"id":{"type":"string","description_kind":"plain","optional":true,"computed":true},"identity_attribute":{"type":"bool","description_kind":"plain","optional":true},"managed":{"type":"bool","description_kind":"plain","optional":true},"minable":{"type":"bool","description_kind":"plain","optional":true},"multi":{"type":"bool","description_kind":"plain","optional":true},"name":{"type":"string","description_kind":"plain","required":true},"object_type":{"type":"string","description_kind":"plain","required":true},"source_id":{"type":"string","description_kind":"plain","required":true},"type":{"type":"string","description_kind":"plain","optional":true}},"description_kind":"plain"}},"identitynow_password_policy":{"version":0,"block":{"attributes":{"account_id_min_word_length":{"type":"number","description":"Char length that disallow account ID fragments","description_kind":"plain","optional":true},"account_name_min_word_length":{"type":"number","description":"Char length that disallow display name fragments","description_kind":"plain","optional":true},"connected_services":{"type":["list",["object",{"app_count":"number","external_id":"string","id":"string","name":"string","supports_password_set_date":"bool"}]],"description_kind":"plain","computed":true},"date_created":{"type":"string","description_kind":"plain","computed":true},"default_policy":{"type":"bool","description":"Is the password policy default policy?","description_kind":"plain","optional":true},"description":{"type":"string","description":"Password policy description","description_kind":"plain","optional":true},"enable_password_expiration":{"type":"bool","description_kind":"plain","optional":true},"first_expiration_reminder":{"type":"number","description_kind":"plain","optional":true},"id":{"type":"string","description_kind":"plain","optional":true,"computed":true},"last_updated":{"type":"string","description_kind":"plain","computed":true},"max_length":{"type":"number","description":"password max length","description_kind":"plain","optional":true},"max_repeated_chars":{"type":"number","description_kind":"plain","optional":true},"min_alpha":{"type":"number","description":"minimum letters in password","description_kind":"plain","optional":true},"min_character_types":{"type":"number","description_kind":"plain","optional":true},"min_length":{"type":"number","description":"minimum password length","description_kind":"plain","optional":true},"min_lower":{"type":"number","description":"minimum number of lowercase characters in password","description_kind":"plain","optional":true},"min_numeric":{"type":"number","description":"minimum number in password","description_kind":"plain","optional":true},"min_special":{"type":"number","description":"minimum number of special characters in password","description_kind":"plain","optional":true},"min_upper":{"type":"number","description":"minimum number of uppercase characters in password","description_kind":"plain","optional":true},"name":{"type":"string","description":"Password policy name","description_kind":"plain","required":true},"password_expiration":{"type":"number","description_kind":"plain","optional":true},"require_strong_auth_off_network":{"type":"bool","description_kind":"plain","optional":true},"require_strong_auth_untrusted_geographies":{"type":"bool","description_kind":"plain","optional":true},"require_strong_authn":{"type":"bool","description_kind":"plain","optional":true},"use_account_attributes":{"type":"bool","description":"Prevent use of account attributes?","description_kind":"plain","optional":true},"use_dictionary":{"type":"bool","description":"Prevent use of words in this site's password dictionary?","description_kind":"plain","optional":true},"use_history":{"type":"number","description_kind":"plain","optional":true},"use_identity_attributes":{"type":"bool","description":"Prevent use of identity attributes?","description_kind":"plain","optional":true},"validate_against_account_id":{"type":"bool","description":"Disallow account ID fragments?","description_kind":"plain","optional":true},"validate_against_account_name":{"type":"bool","description":"Disallow account name fragments?","description_kind":"plain","optional":true}},"description_kind":"plain"}},"identitynow_role":{"version":0,"block":{"attributes":{"access_profile_ids":{"type":["list","string"],"description":"Access Profile Ids.","description_kind":"plain","optional":true},"approval_schemes":{"type":"string","description":"required approvers person or group. e.g. manager,owner","description_kind":"plain","optional":true},"denied_comments_required":{"type":"bool","description_kind":"plain","optional":true},"description":{"type":"string","description":"Role description.","description_kind":"plain","required":true},"disabled":{"type":"bool","description_kind":"plain","optional":true},"display_name":{"type":"string","description_kind":"plain","optional":true},"id":{"type":"string","description_kind":"plain","optional":true,"computed":true},"identity_count":{"type":"number","description_kind":"plain","optional":true},"name":{"type":"string","description":"Role name","description_kind":"plain","required":true},"owner":{"type":"string","description":"Owner of Role name","description_kind":"plain","required":true},"request_comments_required":{"type":"bool","description_kind":"plain","optional":true},"requestable":{"type":"bool","description_kind":"plain","optional":true},"revoke_request_approval_schemes":{"type":"string","description_kind":"plain","optional":true}},"description_kind":"plain"}},"identitynow_source":{"version":0,"block":{"attributes":{"account_correlation_config":{"type":["list",["object",{"id":"string","name":"string","type":"string"}]],"description_kind":"plain","computed":true},"authoritative":{"type":"bool","description":"True if this source is authoritative","description_kind":"plain","optional":true},"connector":{"type":"string","description":"Source connector type","description_kind":"plain","required":true},"delete_threshold":{"type":"number","description_kind":"plain","optional":true},"description":{"type":"string","description":"Source description","description_kind":"plain","required":true},"id":{"type":"string","description_kind":"plain","optional":true,"computed":true},"name":{"type":"string","description":"Source name","description_kind":"plain","required":true},"schemas":{"type":["list",["object",{"id":"string","name":"string","type":"string"}]],"description_kind":"plain","computed":true}},"block_types":{"cluster":{"nesting_mode":"list","block":{"attributes":{"id":{"type":"string","description":"Id of cluster","description_kind":"plain","required":true},"name":{"type":"string","description":"Name of cluster","description_kind":"plain","required":true},"type":{"type":"string","description":"Type of cluster","description_kind":"plain","optional":true}},"description_kind":"plain"},"max_items":1},"connector_attributes":{"nesting_mode":"list","block":{"attributes":{"api_version":{"type":"string","description":"Azure API version to use for Azure Active Directory connector","description_kind":"plain","optional":true},"authorization_type":{"type":"string","description":"Authorization type (none, simple, strong)","description_kind":"plain","optional":true},"azure_ad_graph_resource_base":{"type":"string","description":"Base resource URL that is used for Azure AD Graph API REST calls","description_kind":"plain","optional":true},"azure_ad_graph_token_base":{"type":"string","description":"Base token URL that is used to get an access token for Azure AD Graph API REST calls","description_kind":"plain","optional":true},"client_id":{"type":"string","description":"Client id for the connector client credentials","description_kind":"plain","optional":true},"client_secret":{"type":"string","description":"Client id for the connector client credentials","description_kind":"plain","optional":true,"sensitive":true},"cloud_external_id":{"type":"string","description":"Cloud external ID (related to the main id?)","description_kind":"plain","computed":true},"connector_class":{"type":"string","description_kind":"plain","optional":true},"domain_name":{"type":"string","description":"Domain name for the connector client credentials","description_kind":"plain","optional":true},"encrypted":{"type":"string","description_kind":"plain","optional":true},"exclude_aws_account_id_list":{"type":"string","description":"List of AWS account ids separated with comma to exclude from aggregation.","description_kind":"plain","optional":true},"grant_type":{"type":"string","description":"Authentication grant type to use for communication to connected system","description_kind":"plain","optional":true},"include_aws_account_id_list":{"type":"string","description":"List of AWS account ids separated with comma to include in aggregation.","description_kind":"plain","optional":true},"iq_service_host":{"type":"string","description":"IQService host url for on-prem Active Directory.","description_kind":"plain","optional":true},"iq_service_password":{"type":"string","description":"Service Account password for IQService host.","description_kind":"plain","optional":true,"sensitive":true},"iq_service_port":{"type":"string","description":"IQService port for on-prem Active Directory.","description_kind":"plain","optional":true},"iq_service_user":{"type":"string","description":"Service Account username for IQService host.","description_kind":"plain","optional":true,"sensitive":true},"kid":{"type":"string","description":"Access Key ID for AWS IAM service account.","description_kind":"plain","optional":true},"manage_all_accounts_iam_data":{"type":"bool","description":"True if IAM source is managing all iam users.","description_kind":"plain","optional":true},"ms_graph_resource_base":{"type":"string","description":"Base resource URL that is used for Microsoft Graph API REST calls","description_kind":"plain","optional":true},"ms_graph_token_base":{"type":"string","description":"Base token URL that is used to get access token for Microsoft Graph API REST calls","description_kind":"plain","optional":true},"role_name":{"type":"string","description":"Secret Access Key for AWS IAM service account.","description_kind":"plain","optional":true},"secret":{"type":"string","description":"Secret Access Key for AWS IAM service account.","description_kind":"plain","optional":true,"sensitive":true},"use_tls_for_iq_service":{"type":"bool","description":"Use TLS for IQService for on-prem Active Directory.","description_kind":"plain","optional":true}},"block_types":{"domain_settings":{"nesting_mode":"list","block":{"attributes":{"authorization_type":{"type":"string","description":"Active Directory authorization type.","description_kind":"plain","optional":true},"domain_dn":{"type":"string","description":"Active Directory domain controller.","description_kind":"plain","optional":true},"forest_name":{"type":"string","description":"Active Directory forest name.","description_kind":"plain","optional":true},"password":{"type":"string","description":"Service Account password to login to on-prem active directory.","description_kind":"plain","optional":true,"sensitive":true},"port":{"type":"string","description":"Active Directory host port.","description_kind":"plain","optional":true},"servers":{"type":["list","string"],"description":"Active directory servers.","description_kind":"plain","optional":true},"use_ssl":{"type":"bool","description":"Use ssl to connect to Active directory.","description_kind":"plain","optional":true},"user":{"type":"string","description":"Service Account user to login to on-prem active directory.","description_kind":"plain","optional":true,"sensitive":true}},"description_kind":"plain"}},"forest_settings":{"nesting_mode":"list","block":{"attributes":{"authorization_type":{"type":"string","description":"Active Directory authorization type.","description_kind":"plain","optional":true},"forest_name":{"type":"string","description":"Active Directory forest name.","description_kind":"plain","optional":true},"gc_server":{"type":"string","description":"Active directory server.","description_kind":"plain","optional":true},"password":{"type":"string","description":"Service Account password to login to on-prem active directory.","description_kind":"plain","optional":true,"sensitive":true},"use_ssl":{"type":"bool","description":"Use ssl to connect to Active directory.","description_kind":"plain","optional":true},"user":{"type":"string","description":"Service Account user to login to on-prem active directory.","description_kind":"plain","optional":true,"sensitive":true}},"description_kind":"plain"}},"group_search_dns":{"nesting_mode":"list","block":{"attributes":{"iterate_search_filter":{"type":"string","description_kind":"plain","required":true},"search_dn":{"type":"string","description_kind":"plain","required":true},"search_scope":{"type":"string","description_kind":"plain","optional":true}},"description_kind":"plain"}},"search_dns":{"nesting_mode":"list","block":{"attributes":{"group_member_filter_string":{"type":"string","description":"Active Directory group membership search filter.","description_kind":"plain","optional":true},"group_membership_search_dn":{"type":"string","description":"Active Directory group membership search criteria.","description_kind":"plain","optional":true},"iterate_search_filter":{"type":"string","description":"Active Directory search filter.","description_kind":"plain","optional":true},"primary_group_search_dn":{"type":"string","description":"Active Directory primary group search.","description_kind":"plain","optional":true},"search_dn":{"type":"string","description":"Active Directory search domain criteria.","description_kind":"plain","optional":true},"search_scope":{"type":"string","description":"Active Directory search scope.","description_kind":"plain","optional":true}},"description_kind":"plain"}}},"description_kind":"plain"},"max_items":1},"management_workgroup":{"nesting_mode":"list","block":{"attributes":{"id":{"type":"string","description":"Id of management group","description_kind":"plain","required":true},"name":{"type":"string","description":"Name of management group","description_kind":"plain","required":true},"type":{"type":"string","description":"Type of management group","description_kind":"plain","optional":true}},"description_kind":"plain"}},"owner":{"nesting_mode":"list","block":{"attributes":{"id":{"type":"string","description":"Id of owner","description_kind":"plain","required":true},"name":{"type":"string","description":"Name of owner","description_kind":"plain","required":true},"type":{"type":"string","description":"Type of owner","description_kind":"plain","optional":true}},"description_kind":"plain"},"min_items":1,"max_items":1},"password_policies":{"nesting_mode":"list","block":{"attributes":{"id":{"type":"string","description":"Id of password policy","description_kind":"plain","required":true},"name":{"type":"string","description":"Name of password policy","description_kind":"plain","required":true},"type":{"type":"string","description":"Type of password policy","description_kind":"plain","optional":true}},"description_kind":"plain"}}},"description_kind":"plain"}}},"data_source_schemas":{"identitynow_access_profile":{"version":0,"block":{"attributes":{"approval_schemes":{"type":"string","description_kind":"plain","computed":true},"denied_comments_required":{"type":"bool","description":"Access Profile Denied Comments Required","description_kind":"plain","computed":true},"description":{"type":"string","description":"Access Profile description","description_kind":"plain","computed":true},"disabled":{"type":"bool","description_kind":"plain","computed":true},"entitlements":{"type":["list","string"],"description":"Access Profile Entitlements.","description_kind":"plain","computed":true},"id":{"type":"string","description":"Source id","description_kind":"plain","required":true},"name":{"type":"string","description":"Access Profile name","description_kind":"plain","computed":true},"owner_id":{"type":"number","description_kind":"plain","computed":true},"protected":{"type":"bool","description_kind":"plain","computed":true},"request_comments_required":{"type":"bool","description_kind":"plain","computed":true},"requestable":{"type":"bool","description_kind":"plain","computed":true},"revoke_request_approval_schemes":{"type":"string","description_kind":"plain","computed":true},"source_id":{"type":"number","description":"Source Id that Access Profile is going to create for","description_kind":"plain","computed":true},"source_name":{"type":"string","description_kind":"plain","computed":true}},"description_kind":"plain"}},"identitynow_identity":{"version":0,"block":{"attributes":{"alias":{"type":"string","description_kind":"plain","required":true},"alt_auth_via":{"type":"string","description_kind":"plain","computed":true},"alt_auth_via_integration_data":{"type":"string","description_kind":"plain","computed":true},"alt_email":{"type":"string","description_kind":"plain","computed":true},"alt_phone":{"type":"string","description_kind":"plain","computed":true},"attributes":{"type":"string","description_kind":"plain","computed":true},"date_created":{"type":"string","description_kind":"plain","computed":true},"description":{"type":"string","description_kind":"plain","computed":true},"disable_password_reset":{"type":"bool","description_kind":"plain","computed":true},"email":{"type":"string","description_kind":"plain","computed":true},"employee_number":{"type":"string","description_kind":"plain","computed":true},"enabled":{"type":"bool","description_kind":"plain","computed":true},"encryption_check":{"type":"bool","description_kind":"plain","optional":true},"encryption_key":{"type":"string","description_kind":"plain","computed":true},"external_id":{"type":"string","description_kind":"plain","computed":true},"id":{"type":"string","description_kind":"plain","optional":true,"computed":true},"identity_flags":{"type":"string","description_kind":"plain","computed":true},"kba_answers":{"type":"string","description_kind":"plain","computed":true},"last_updated":{"type":"string","description_kind":"plain","computed":true},"name":{"type":"string","description":"Identity name","description_kind":"plain","computed":true},"password_reset_since_last_login":{"type":"bool","description_kind":"plain","computed":true},"pending":{"type":"bool","description_kind":"plain","computed":true},"phone":{"type":"string","description_kind":"plain","computed":true},"pta_source_id":{"type":"string","description_kind":"plain","computed":true},"role":{"type":"string","description_kind":"plain","computed":true},"status":{"type":"string","description_kind":"plain","computed":true},"supports_password_push":{"type":"bool","description_kind":"plain","computed":true},"uid":{"type":"string","description_kind":"plain","computed":true},"usage_cert_attested":{"type":"string","description_kind":"plain","computed":true},"uuid":{"type":"string","description_kind":"plain","computed":true}},"description_kind":"plain"}},"identitynow_role":{"version":0,"block":{"attributes":{"access_profile_ids":{"type":["list","string"],"description_kind":"plain","computed":true},"approval_schemes":{"type":"string","description_kind":"plain","computed":true},"denied_comments_required":{"type":"bool","description_kind":"plain","computed":true},"description":{"type":"string","description_kind":"plain","computed":true},"disabled":{"type":"bool","description_kind":"plain","computed":true},"display_name":{"type":"string","description_kind":"plain","computed":true},"id":{"type":"string","description_kind":"plain","required":true},"identity_count":{"type":"number","description_kind":"plain","computed":true},"name":{"type":"string","description_kind":"plain","computed":true},"owner":{"type":"string","description_kind":"plain","computed":true},"request_comments_required":{"type":"bool","description_kind":"plain","computed":true},"requestable":{"type":"bool","description_kind":"plain","computed":true},"revoke_request_approval_schemes":{"type":"string","description_kind":"plain","computed":true}},"description_kind":"plain"}},"identitynow_source":{"version":0,"block":{"attributes":{"account_correlation_config":{"type":["list",["object",{"id":"string","name":"string","type":"string"}]],"description_kind":"plain","computed":true},"authoritative":{"type":"bool","description":"True if this source is authoritative","description_kind":"plain","computed":true},"cluster":{"type":["list",["object",{"id":"string","name":"string","type":"string"}]],"description_kind":"plain","computed":true},"connector":{"type":"string","description":"Source connector type","description_kind":"plain","computed":true},"connector_attributes":{"type":["list",["object",{"api_version":"string","authorization_type":"string","azure_ad_graph_resource_base":"string","azure_ad_graph_token_base":"string","client_id":"string","client_secret":"string","cloud_external_id":"string","connector_class":"string","domain_name":"string","domain_settings":["list",["object",{"authorization_type":"string","domain_dn":"string","forest_name":"string","password":"string","port":"string","servers":["list","string"],"use_ssl":"bool","user":"string"}]],"encrypted":"string","exclude_aws_account_id_list":"string","forest_settings":["list",["object",{"authorization_type":"string","forest_name":"string","gc_server":"string","password":"string","use_ssl":"bool","user":"string"}]],"grant_type":"string","group_search_dns":["list",["object",{"iterate_search_filter":"string","search_dn":"string","search_scope":"string"}]],"include_aws_account_id_list":"string","iq_service_host":"string","iq_service_password":"string","iq_service_port":"string","iq_service_user":"string","kid":"string","manage_all_accounts_iam_data":"bool","ms_graph_resource_base":"string","ms_graph_token_base":"string","role_name":"string","search_dns":["list",["object",{"group_member_filter_string":"string","group_membership_search_dn":"string","iterate_search_filter":"string","primary_group_search_dn":"string","search_dn":"string","search_scope":"string"}]],"secret":"string","use_tls_for_iq_service":"bool"}]],"description_kind":"plain","computed":true},"delete_threshold":{"type":"number","description_kind":"plain","computed":true},"description":{"type":"string","description":"Source description","description_kind":"plain","computed":true},"id":{"type":"string","description":"Source id","description_kind":"plain","required":true},"name":{"type":"string","description":"Source name","description_kind":"plain","computed":true},"owner":{"type":["list",["object",{"id":"string","name":"string","type":"string"}]],"description_kind":"plain","computed":true},"schemas":{"type":["list",["object",{"id":"string","name":"string","type":"string"}]],"description_kind":"plain","computed":true}},"description_kind":"plain"}},"identitynow_source_entitlement":{"version":0,"block":{"attributes":{"attribute":{"type":"string","description":"attribute","description_kind":"plain","computed":true},"created_time":{"type":"string","description_kind":"plain","computed":true},"deleted_time":{"type":"string","description_kind":"plain","computed":true},"description":{"type":"string","description_kind":"plain","computed":true},"direct_permissions":{"type":["list","string"],"description_kind":"plain","computed":true},"display_name":{"type":"string","description_kind":"plain","computed":true},"displayable_name":{"type":"string","description_kind":"plain","computed":true},"id":{"type":"string","description_kind":"plain","optional":true,"computed":true},"last_modified_time":{"type":"string","description_kind":"plain","computed":true},"name":{"type":"string","description":"Source entitlements name","description_kind":"plain","required":true},"owner_id":{"type":"string","description_kind":"plain","computed":true},"owner_uid":{"type":"string","description_kind":"plain","computed":true},"privileged":{"type":"bool","description_kind":"plain","computed":true},"schema":{"type":"string","description_kind":"plain","computed":true},"source_id":{"type":"string","description":"source id","description_kind":"plain","required":true},"source_name":{"type":"string","description":"source name","description_kind":"plain","computed":true},"value":{"type":"string","description_kind":"plain","computed":true}},"description_kind":"plain"}}}}}}
