{"format_version":"0.2","provider_schemas":{"registry.terraform.io/openshift-online/ocm":{"provider":{"version":0,"block":{"attributes":{"client_id":{"type":"string","description":"OpenID client identifier.","description_kind":"plain","optional":true},"client_secret":{"type":"string","description":"OpenID client secret.","description_kind":"plain","optional":true,"sensitive":true},"insecure":{"type":"bool","description":"When set to 'true' enables insecure communication with the server. This disables verification of TLS certificates and host names and it isn't recommended for production environments.","description_kind":"plain","optional":true},"password":{"type":"string","description":"User password.","description_kind":"plain","optional":true,"sensitive":true},"token":{"type":"string","description":"Access or refresh token. If this isn't explicitly provided and o other mechanism to obtain credentials is used (password or client secret) then the value will be take from the 'OCM_TOKEN' environment variable, if that exists.","description_kind":"plain","optional":true,"sensitive":true},"token_url":{"type":"string","description":"OpenID token URL.","description_kind":"plain","optional":true},"trusted_cas":{"type":"string","description":"PEM encoded certificates of authorities that will be trusted. If this isn't explicitly specified then the provider will trust the certificate authorities trusted by default by the system.","description_kind":"plain","optional":true},"url":{"type":"string","description":"URL of the API server.","description_kind":"plain","optional":true},"user":{"type":"string","description":"User name.","description_kind":"plain","optional":true}},"description_kind":"plain"}},"resource_schemas":{"ocm_cluster":{"version":0,"block":{"attributes":{"cloud_provider":{"type":"string","description":"Cloud provider identifier, for example 'aws'.","description_kind":"plain","required":true},"cloud_region":{"type":"string","description":"Cloud region identifier, for example 'us-east-1'.","description_kind":"plain","required":true},"id":{"type":"string","description":"Unique identifier of the cluster.","description_kind":"plain","computed":true},"multi_az":{"type":"bool","description":"Indicates if the cluster should be deployed to multiple availability zones. Default value is 'false'.","description_kind":"plain","optional":true,"computed":true},"name":{"type":"string","description":"Name of the cluster.","description_kind":"plain","required":true},"properties":{"type":["map","string"],"description":"User defined properties.","description_kind":"plain","optional":true},"state":{"type":"string","description":"State of the cluster.","description_kind":"plain","computed":true},"wait":{"type":"bool","description":"Wait till the cluster is ready.","description_kind":"plain","optional":true}},"description":"OpenShift managed cluster.","description_kind":"plain"}},"ocm_identity_provider":{"version":0,"block":{"attributes":{"cluster_id":{"type":"string","description":"Identifier of the cluster.","description_kind":"plain","required":true},"htpasswd":{"nested_type":{"attributes":{"password":{"type":"string","description":"User password.","description_kind":"plain","required":true,"sensitive":true},"username":{"type":"string","description":"User name.","description_kind":"plain","required":true}},"nesting_mode":"single"},"description":"Details of the 'htpasswd' identity provider.","description_kind":"plain","optional":true},"id":{"type":"string","description":"Unique identifier of the identity provider.","description_kind":"plain","computed":true},"ldap":{"nested_type":{"attributes":{"attributes":{"nested_type":{"attributes":{"email":{"type":["list","string"],"description_kind":"plain","optional":true},"id":{"type":["list","string"],"description_kind":"plain","optional":true},"name":{"type":["list","string"],"description_kind":"plain","optional":true},"preferred_username":{"type":["list","string"],"description_kind":"plain","optional":true}},"nesting_mode":"single"},"description_kind":"plain","required":true},"bind_dn":{"type":"string","description_kind":"plain","required":true},"bind_password":{"type":"string","description_kind":"plain","required":true,"sensitive":true},"ca":{"type":"string","description_kind":"plain","optional":true},"insecure":{"type":"bool","description_kind":"plain","optional":true,"computed":true},"url":{"type":"string","description_kind":"plain","required":true}},"nesting_mode":"single"},"description":"Details of the LDAP identity provider.","description_kind":"plain","optional":true},"name":{"type":"string","description":"Name of the identity provider.","description_kind":"plain","required":true}},"description":"Identity provider.","description_kind":"plain"}}},"data_source_schemas":{"ocm_cloud_providers":{"version":0,"block":{"attributes":{"items":{"nested_type":{"attributes":{"display_name":{"type":"string","description":"Human friendly name of the cloud provider, for example 'AWS' or 'GCP'","description_kind":"plain","computed":true},"id":{"type":"string","description":"Unique identifier of the cloud provider. This is what should be used when referencing the cloud providers from other places, for example in the 'cloud_provider' attribute of the cluster resource.","description_kind":"plain","computed":true},"name":{"type":"string","description":"Short name of the cloud provider, for example 'aws' or 'gcp'.","description_kind":"plain","computed":true}},"nesting_mode":"list"},"description":"Items of the list.","description_kind":"plain","computed":true}},"description":"List of cloud providers.","description_kind":"plain"}}}}}}
