{"format_version":"0.2","provider_schemas":{"registry.terraform.io/opslevel/opslevel":{"provider":{"version":0,"block":{"attributes":{"api_token":{"type":"string","description":"The API authorization token. It can also be sourced from the OPSLEVEL_API_TOKEN environment variable.","description_kind":"plain","optional":true,"sensitive":true},"api_url":{"type":"string","description":"The url of the OpsLevel API to. It can also be sourced from the OPSLEVEL_API_URL environment variable.","description_kind":"plain","optional":true}},"description_kind":"plain"}},"resource_schemas":{"opslevel_check_custom_event":{"version":0,"block":{"attributes":{"category":{"type":"string","description":"The id of the category the check belongs to.","description_kind":"plain","required":true},"enabled":{"type":"bool","description":"Whether the check is enabled or not.","description_kind":"plain","optional":true},"filter":{"type":"string","description":"The id of the filter of the check.","description_kind":"plain","optional":true},"id":{"type":"string","description_kind":"plain","optional":true,"computed":true},"integration":{"type":"string","description":"The integration id this check will use.","description_kind":"plain","required":true},"last_updated":{"type":"string","description_kind":"plain","optional":true,"computed":true},"level":{"type":"string","description":"The id of the level the check belongs to.","description_kind":"plain","required":true},"message":{"type":"string","description":"The check result message template. It is compiled with Liquid and formatted in Markdown.","description_kind":"plain","optional":true},"name":{"type":"string","description":"The display name of the check.","description_kind":"plain","required":true},"notes":{"type":"string","description":"Additional information about the check.","description_kind":"plain","optional":true},"owner":{"type":"string","description":"The id of the team that owns the check.","description_kind":"plain","optional":true},"service_selector":{"type":"string","description":"A jq expression that will be ran against your payload. This will parse out the service identifier.","description_kind":"plain","required":true},"success_condition":{"type":"string","description":"A jq expression that will be ran against your payload. A truthy value will result in the check passing.","description_kind":"plain","required":true}},"description":"Manages a custom event check.","description_kind":"plain"}},"opslevel_check_manual":{"version":0,"block":{"attributes":{"category":{"type":"string","description":"The id of the category the check belongs to.","description_kind":"plain","required":true},"enabled":{"type":"bool","description":"Whether the check is enabled or not.","description_kind":"plain","optional":true},"filter":{"type":"string","description":"The id of the filter of the check.","description_kind":"plain","optional":true},"id":{"type":"string","description_kind":"plain","optional":true,"computed":true},"last_updated":{"type":"string","description_kind":"plain","optional":true,"computed":true},"level":{"type":"string","description":"The id of the level the check belongs to.","description_kind":"plain","required":true},"name":{"type":"string","description":"The display name of the check.","description_kind":"plain","required":true},"notes":{"type":"string","description":"Additional information about the check.","description_kind":"plain","optional":true},"owner":{"type":"string","description":"The id of the team that owns the check.","description_kind":"plain","optional":true},"update_requires_comment":{"type":"bool","description":"Whether the check requires a comment or not.","description_kind":"plain","required":true}},"block_types":{"update_frequency":{"nesting_mode":"list","block":{"attributes":{"starting_data":{"type":"string","description":"The date that the check will start to evaluate.","description_kind":"plain","required":true},"time_scale":{"type":"string","description":"The time scale type for the frequency.","description_kind":"plain","required":true},"value":{"type":"number","description":"The value to be used together with the frequency scale.","description_kind":"plain","required":true}},"description":"Defines the minimum frequency of the updates.","description_kind":"plain"},"max_items":1}},"description":"Manages a manual check.","description_kind":"plain"}},"opslevel_check_repository_file":{"version":0,"block":{"attributes":{"category":{"type":"string","description":"The id of the category the check belongs to.","description_kind":"plain","required":true},"directory_search":{"type":"bool","description":"Whether the check looks for the existence of a directory instead of a file.","description_kind":"plain","optional":true},"enabled":{"type":"bool","description":"Whether the check is enabled or not.","description_kind":"plain","optional":true},"filepaths":{"type":["list","string"],"description":"Restrict the search to certain file paths.","description_kind":"plain","required":true},"filter":{"type":"string","description":"The id of the filter of the check.","description_kind":"plain","optional":true},"id":{"type":"string","description_kind":"plain","optional":true,"computed":true},"last_updated":{"type":"string","description_kind":"plain","optional":true,"computed":true},"level":{"type":"string","description":"The id of the level the check belongs to.","description_kind":"plain","required":true},"name":{"type":"string","description":"The display name of the check.","description_kind":"plain","required":true},"notes":{"type":"string","description":"Additional information about the check.","description_kind":"plain","optional":true},"owner":{"type":"string","description":"The id of the team that owns the check.","description_kind":"plain","optional":true}},"block_types":{"file_contents_predicate":{"nesting_mode":"list","block":{"attributes":{"type":{"type":"string","description":"The condition type used by the predicate.","description_kind":"plain","required":true},"value":{"type":"string","description":"The condition value used by the predicate.","description_kind":"plain","optional":true}},"description":"A condition that should be satisfied.","description_kind":"plain"},"max_items":1}},"description":"Manages a repository file check","description_kind":"plain"}},"opslevel_check_repository_integrated":{"version":0,"block":{"attributes":{"category":{"type":"string","description":"The id of the category the check belongs to.","description_kind":"plain","required":true},"enabled":{"type":"bool","description":"Whether the check is enabled or not.","description_kind":"plain","optional":true},"filter":{"type":"string","description":"The id of the filter of the check.","description_kind":"plain","optional":true},"id":{"type":"string","description_kind":"plain","optional":true,"computed":true},"last_updated":{"type":"string","description_kind":"plain","optional":true,"computed":true},"level":{"type":"string","description":"The id of the level the check belongs to.","description_kind":"plain","required":true},"name":{"type":"string","description":"The display name of the check.","description_kind":"plain","required":true},"notes":{"type":"string","description":"Additional information about the check.","description_kind":"plain","optional":true},"owner":{"type":"string","description":"The id of the team that owns the check.","description_kind":"plain","optional":true}},"description":"Manages a repository integrated check.","description_kind":"plain"}},"opslevel_check_repository_search":{"version":0,"block":{"attributes":{"category":{"type":"string","description":"The id of the category the check belongs to.","description_kind":"plain","required":true},"enabled":{"type":"bool","description":"Whether the check is enabled or not.","description_kind":"plain","optional":true},"file_extensions":{"type":["list","string"],"description":"Restrict the search to files of given extensions. Extensions should contain only letters and numbers. For example: [\"py\", \"rb\"].","description_kind":"plain","optional":true},"filter":{"type":"string","description":"The id of the filter of the check.","description_kind":"plain","optional":true},"id":{"type":"string","description_kind":"plain","optional":true,"computed":true},"last_updated":{"type":"string","description_kind":"plain","optional":true,"computed":true},"level":{"type":"string","description":"The id of the level the check belongs to.","description_kind":"plain","required":true},"name":{"type":"string","description":"The display name of the check.","description_kind":"plain","required":true},"notes":{"type":"string","description":"Additional information about the check.","description_kind":"plain","optional":true},"owner":{"type":"string","description":"The id of the team that owns the check.","description_kind":"plain","optional":true}},"block_types":{"file_contents_predicate":{"nesting_mode":"list","block":{"attributes":{"type":{"type":"string","description":"The condition type used by the predicate.","description_kind":"plain","required":true},"value":{"type":"string","description":"The condition value used by the predicate.","description_kind":"plain","optional":true}},"description":"A condition that should be satisfied.","description_kind":"plain"},"min_items":1,"max_items":1}},"description":"Manages a repository search check.","description_kind":"plain"}},"opslevel_check_service_configuration":{"version":0,"block":{"attributes":{"category":{"type":"string","description":"The id of the category the check belongs to.","description_kind":"plain","required":true},"enabled":{"type":"bool","description":"Whether the check is enabled or not.","description_kind":"plain","optional":true},"filter":{"type":"string","description":"The id of the filter of the check.","description_kind":"plain","optional":true},"id":{"type":"string","description_kind":"plain","optional":true,"computed":true},"last_updated":{"type":"string","description_kind":"plain","optional":true,"computed":true},"level":{"type":"string","description":"The id of the level the check belongs to.","description_kind":"plain","required":true},"name":{"type":"string","description":"The display name of the check.","description_kind":"plain","required":true},"notes":{"type":"string","description":"Additional information about the check.","description_kind":"plain","optional":true},"owner":{"type":"string","description":"The id of the team that owns the check.","description_kind":"plain","optional":true}},"description":"Manages a service configuration check.","description_kind":"plain"}},"opslevel_check_service_ownership":{"version":0,"block":{"attributes":{"category":{"type":"string","description":"The id of the category the check belongs to.","description_kind":"plain","required":true},"enabled":{"type":"bool","description":"Whether the check is enabled or not.","description_kind":"plain","optional":true},"filter":{"type":"string","description":"The id of the filter of the check.","description_kind":"plain","optional":true},"id":{"type":"string","description_kind":"plain","optional":true,"computed":true},"last_updated":{"type":"string","description_kind":"plain","optional":true,"computed":true},"level":{"type":"string","description":"The id of the level the check belongs to.","description_kind":"plain","required":true},"name":{"type":"string","description":"The display name of the check.","description_kind":"plain","required":true},"notes":{"type":"string","description":"Additional information about the check.","description_kind":"plain","optional":true},"owner":{"type":"string","description":"The id of the team that owns the check.","description_kind":"plain","optional":true}},"description":"Manages a service ownership check.","description_kind":"plain"}},"opslevel_check_service_property":{"version":0,"block":{"attributes":{"category":{"type":"string","description":"The id of the category the check belongs to.","description_kind":"plain","required":true},"enabled":{"type":"bool","description":"Whether the check is enabled or not.","description_kind":"plain","optional":true},"filter":{"type":"string","description":"The id of the filter of the check.","description_kind":"plain","optional":true},"id":{"type":"string","description_kind":"plain","optional":true,"computed":true},"last_updated":{"type":"string","description_kind":"plain","optional":true,"computed":true},"level":{"type":"string","description":"The id of the level the check belongs to.","description_kind":"plain","required":true},"name":{"type":"string","description":"The display name of the check.","description_kind":"plain","required":true},"notes":{"type":"string","description":"Additional information about the check.","description_kind":"plain","optional":true},"owner":{"type":"string","description":"The id of the team that owns the check.","description_kind":"plain","optional":true},"property":{"type":"string","description":"The property of the service that the check will verify.","description_kind":"plain","required":true}},"block_types":{"predicate":{"nesting_mode":"list","block":{"attributes":{"type":{"type":"string","description":"The condition type used by the predicate.","description_kind":"plain","required":true},"value":{"type":"string","description":"The condition value used by the predicate.","description_kind":"plain","optional":true}},"description":"A condition that should be satisfied.","description_kind":"plain"},"max_items":1}},"description":"Manages a service property check.","description_kind":"plain"}},"opslevel_check_tag_defined":{"version":0,"block":{"attributes":{"category":{"type":"string","description":"The id of the category the check belongs to.","description_kind":"plain","required":true},"enabled":{"type":"bool","description":"Whether the check is enabled or not.","description_kind":"plain","optional":true},"filter":{"type":"string","description":"The id of the filter of the check.","description_kind":"plain","optional":true},"id":{"type":"string","description_kind":"plain","optional":true,"computed":true},"last_updated":{"type":"string","description_kind":"plain","optional":true,"computed":true},"level":{"type":"string","description":"The id of the level the check belongs to.","description_kind":"plain","required":true},"name":{"type":"string","description":"The display name of the check.","description_kind":"plain","required":true},"notes":{"type":"string","description":"Additional information about the check.","description_kind":"plain","optional":true},"owner":{"type":"string","description":"The id of the team that owns the check.","description_kind":"plain","optional":true},"tag_key":{"type":"string","description":"The tag key where the tag predicate should be applied.","description_kind":"plain","required":true}},"block_types":{"tag_predicate":{"nesting_mode":"list","block":{"attributes":{"type":{"type":"string","description":"The condition type used by the predicate.","description_kind":"plain","required":true},"value":{"type":"string","description":"The condition value used by the predicate.","description_kind":"plain","optional":true}},"description":"A condition that should be satisfied.","description_kind":"plain"},"max_items":1}},"description":"Manages a tag defined check","description_kind":"plain"}},"opslevel_check_tool_usage":{"version":0,"block":{"attributes":{"category":{"type":"string","description":"The id of the category the check belongs to.","description_kind":"plain","required":true},"enabled":{"type":"bool","description":"Whether the check is enabled or not.","description_kind":"plain","optional":true},"filter":{"type":"string","description":"The id of the filter of the check.","description_kind":"plain","optional":true},"id":{"type":"string","description_kind":"plain","optional":true,"computed":true},"last_updated":{"type":"string","description_kind":"plain","optional":true,"computed":true},"level":{"type":"string","description":"The id of the level the check belongs to.","description_kind":"plain","required":true},"name":{"type":"string","description":"The display name of the check.","description_kind":"plain","required":true},"notes":{"type":"string","description":"Additional information about the check.","description_kind":"plain","optional":true},"owner":{"type":"string","description":"The id of the team that owns the check.","description_kind":"plain","optional":true},"tool_category":{"type":"string","description":"The category that the tool belongs to.","description_kind":"plain","required":true}},"block_types":{"environment_predicate":{"nesting_mode":"list","block":{"attributes":{"type":{"type":"string","description":"The condition type used by the predicate.","description_kind":"plain","required":true},"value":{"type":"string","description":"The condition value used by the predicate.","description_kind":"plain","optional":true}},"description":"A condition that should be satisfied.","description_kind":"plain"},"max_items":1},"tool_name_predicate":{"nesting_mode":"list","block":{"attributes":{"type":{"type":"string","description":"The condition type used by the predicate.","description_kind":"plain","required":true},"value":{"type":"string","description":"The condition value used by the predicate.","description_kind":"plain","optional":true}},"description":"A condition that should be satisfied.","description_kind":"plain"},"max_items":1}},"description":"Manages a tool usage check","description_kind":"plain"}},"opslevel_filter":{"version":0,"block":{"attributes":{"connective":{"type":"string","description":"The logical operator to be used in conjunction with predicates.","description_kind":"plain","optional":true},"id":{"type":"string","description_kind":"plain","optional":true,"computed":true},"last_updated":{"type":"string","description_kind":"plain","optional":true,"computed":true},"name":{"type":"string","description":"The team's display name.","description_kind":"plain","required":true}},"block_types":{"predicate":{"nesting_mode":"list","block":{"attributes":{"key":{"type":"string","description":"The condition key used by the predicate.","description_kind":"plain","required":true},"key_data":{"type":"string","description":"Additional data used by the predicate. This field is used by predicates with key = 'tags' to specify the tag key. For example, to create a predicate for services containing the tag 'db:mysql', set keyData = 'db' and value = 'mysql'.","description_kind":"plain","optional":true},"type":{"type":"string","description":"The condition type used by the predicate.","description_kind":"plain","required":true},"value":{"type":"string","description":"The condition value used by the predicate.","description_kind":"plain","optional":true}},"description":"The list of predicates used to select which services apply to the filter.","description_kind":"plain"}}},"description":"Manages a filter","description_kind":"plain"}},"opslevel_rubric_category":{"version":0,"block":{"attributes":{"id":{"type":"string","description_kind":"plain","optional":true,"computed":true},"last_updated":{"type":"string","description_kind":"plain","optional":true,"computed":true},"name":{"type":"string","description":"The display name of the category.","description_kind":"plain","required":true}},"description":"Manages a rubric category","description_kind":"plain"}},"opslevel_rubric_level":{"version":0,"block":{"attributes":{"description":{"type":"string","description":"The description of the category.","description_kind":"plain","optional":true},"id":{"type":"string","description_kind":"plain","optional":true,"computed":true},"index":{"type":"number","description":"An integer allowing this level to be inserted between others. Must be unique per Rubric.","description_kind":"plain","optional":true},"last_updated":{"type":"string","description_kind":"plain","optional":true,"computed":true},"name":{"type":"string","description":"The display name of the category.","description_kind":"plain","required":true}},"description":"Manages a rubric level","description_kind":"plain"}},"opslevel_service":{"version":0,"block":{"attributes":{"aliases":{"type":["list","string"],"description":"A list of human-friendly, unique identifiers for the service","description_kind":"plain","computed":true},"description":{"type":"string","description":"A brief description of the service.","description_kind":"plain","optional":true},"framework":{"type":"string","description":"The primary software development framework that the service uses.","description_kind":"plain","optional":true},"id":{"type":"string","description_kind":"plain","optional":true,"computed":true},"language":{"type":"string","description":"The primary programming language that the service is written in.","description_kind":"plain","optional":true},"last_updated":{"type":"string","description_kind":"plain","optional":true,"computed":true},"lifecycle_alias":{"type":"string","description":"The lifecycle stage of the service.","description_kind":"plain","optional":true},"name":{"type":"string","description":"The display name of the service.","description_kind":"plain","required":true},"owner_alias":{"type":"string","description":"The team that owns the service.","description_kind":"plain","optional":true},"product":{"type":"string","description":"A product is an application that your end user interacts with. Multiple services can work together to power a single product.","description_kind":"plain","optional":true},"tags":{"type":["list","string"],"description":"A list of tags applied to the service.","description_kind":"plain","optional":true},"tier_alias":{"type":"string","description":"The software tier that the service belongs to.","description_kind":"plain","optional":true}},"description":"Manages a service","description_kind":"plain"}},"opslevel_service_repository":{"version":0,"block":{"attributes":{"base_directory":{"type":"string","description":"The directory in the repository containing opslevel.yml.","description_kind":"plain","optional":true},"id":{"type":"string","description_kind":"plain","optional":true,"computed":true},"last_updated":{"type":"string","description_kind":"plain","optional":true,"computed":true},"name":{"type":"string","description":"The name displayed in the UI for the service repository.","description_kind":"plain","optional":true},"repository":{"type":"string","description":"The id of the service that this will be added to.","description_kind":"plain","optional":true},"repository_alias":{"type":"string","description":"The alias of the service that this will be added to.","description_kind":"plain","optional":true},"service":{"type":"string","description":"The id of the service that this will be added to.","description_kind":"plain","optional":true},"service_alias":{"type":"string","description":"The alias of the service that this will be added to.","description_kind":"plain","optional":true}},"description":"Manages a service repository","description_kind":"plain"}},"opslevel_service_tag":{"version":0,"block":{"attributes":{"id":{"type":"string","description_kind":"plain","optional":true,"computed":true},"key":{"type":"string","description":"The tag's key.","description_kind":"plain","required":true},"last_updated":{"type":"string","description_kind":"plain","optional":true,"computed":true},"service":{"type":"string","description":"The id of the service that this will be added to.","description_kind":"plain","optional":true},"service_alias":{"type":"string","description":"The alias of the service that this will be added to.","description_kind":"plain","optional":true},"value":{"type":"string","description":"The tag's value.","description_kind":"plain","required":true}},"description":"Manages a service tag","description_kind":"plain"}},"opslevel_service_tool":{"version":0,"block":{"attributes":{"category":{"type":"string","description":"The category that the tool belongs to.","description_kind":"plain","required":true},"environment":{"type":"string","description":"The environment that the tool belongs to.","description_kind":"plain","optional":true},"id":{"type":"string","description_kind":"plain","optional":true,"computed":true},"last_updated":{"type":"string","description_kind":"plain","optional":true,"computed":true},"name":{"type":"string","description":"The display name of the tool.","description_kind":"plain","required":true},"service":{"type":"string","description":"The id of the service that this will be added to.","description_kind":"plain","optional":true},"service_alias":{"type":"string","description":"The alias of the service that this will be added to.","description_kind":"plain","optional":true},"url":{"type":"string","description":"The URL of the tool.","description_kind":"plain","required":true}},"description":"Manages a service tool","description_kind":"plain"}},"opslevel_team":{"version":0,"block":{"attributes":{"alias":{"type":"string","description":"The human-friendly, unique identifier for the team.","description_kind":"plain","computed":true},"id":{"type":"string","description_kind":"plain","optional":true,"computed":true},"last_updated":{"type":"string","description_kind":"plain","optional":true,"computed":true},"manager_email":{"type":"string","description":"The email of the user who manages the team.","description_kind":"plain","optional":true},"name":{"type":"string","description":"The team's display name.","description_kind":"plain","required":true},"responsibilities":{"type":"string","description":"A description of what the team is responsible for.","description_kind":"plain","optional":true}},"description":"Manages a team","description_kind":"plain"}}},"data_source_schemas":{"opslevel_filter":{"version":0,"block":{"attributes":{"id":{"type":"string","description_kind":"plain","optional":true,"computed":true},"name":{"type":"string","description_kind":"plain","computed":true}},"block_types":{"filter":{"nesting_mode":"list","block":{"attributes":{"field":{"type":"string","description":"The field of the target resource to filter upon.","description_kind":"plain","required":true},"value":{"type":"string","description":"The field value of the target resource to match.","description_kind":"plain","optional":true}},"description_kind":"plain"},"min_items":1,"max_items":1}},"description_kind":"plain"}},"opslevel_filters":{"version":0,"block":{"attributes":{"id":{"type":"string","description_kind":"plain","optional":true,"computed":true},"ids":{"type":["list","string"],"description_kind":"plain","computed":true},"names":{"type":["list","string"],"description_kind":"plain","computed":true}},"description_kind":"plain"}},"opslevel_integration":{"version":0,"block":{"attributes":{"id":{"type":"string","description_kind":"plain","optional":true,"computed":true},"name":{"type":"string","description_kind":"plain","computed":true}},"block_types":{"filter":{"nesting_mode":"list","block":{"attributes":{"field":{"type":"string","description":"The field of the target resource to filter upon.","description_kind":"plain","required":true},"value":{"type":"string","description":"The field value of the target resource to match.","description_kind":"plain","optional":true}},"description_kind":"plain"},"min_items":1,"max_items":1}},"description_kind":"plain"}},"opslevel_integrations":{"version":0,"block":{"attributes":{"id":{"type":"string","description_kind":"plain","optional":true,"computed":true},"ids":{"type":["list","string"],"description_kind":"plain","computed":true},"names":{"type":["list","string"],"description_kind":"plain","computed":true}},"description_kind":"plain"}},"opslevel_lifecycle":{"version":0,"block":{"attributes":{"alias":{"type":"string","description_kind":"plain","computed":true},"id":{"type":"string","description_kind":"plain","optional":true,"computed":true},"index":{"type":"number","description_kind":"plain","computed":true},"name":{"type":"string","description_kind":"plain","computed":true}},"block_types":{"filter":{"nesting_mode":"list","block":{"attributes":{"field":{"type":"string","description":"The field of the target resource to filter upon.","description_kind":"plain","required":true},"value":{"type":"string","description":"The field value of the target resource to match.","description_kind":"plain","optional":true}},"description_kind":"plain"},"min_items":1,"max_items":1}},"description_kind":"plain"}},"opslevel_lifecycles":{"version":0,"block":{"attributes":{"aliases":{"type":["list","string"],"description_kind":"plain","computed":true},"id":{"type":"string","description_kind":"plain","optional":true,"computed":true},"ids":{"type":["list","string"],"description_kind":"plain","computed":true},"indexes":{"type":["list","number"],"description_kind":"plain","computed":true},"names":{"type":["list","string"],"description_kind":"plain","computed":true}},"description_kind":"plain"}},"opslevel_repositories":{"version":0,"block":{"attributes":{"id":{"type":"string","description_kind":"plain","optional":true,"computed":true},"ids":{"type":["list","string"],"description_kind":"plain","computed":true},"names":{"type":["list","string"],"description_kind":"plain","computed":true},"urls":{"type":["list","string"],"description_kind":"plain","computed":true}},"block_types":{"filter":{"nesting_mode":"list","block":{"attributes":{"field":{"type":"string","description":"The field of the target resource to filter upon.","description_kind":"plain","required":true},"value":{"type":"string","description":"The field value of the target resource to match.","description_kind":"plain","optional":true}},"description_kind":"plain"},"max_items":1}},"description_kind":"plain"}},"opslevel_repository":{"version":0,"block":{"attributes":{"alias":{"type":"string","description":"A human-friendly, unique identifier for the repository.","description_kind":"plain","optional":true},"id":{"type":"string","description":"The id of the repository to find.","description_kind":"plain","optional":true}},"description_kind":"plain"}},"opslevel_rubric_categories":{"version":0,"block":{"attributes":{"id":{"type":"string","description_kind":"plain","optional":true,"computed":true},"ids":{"type":["list","string"],"description_kind":"plain","computed":true},"names":{"type":["list","string"],"description_kind":"plain","computed":true}},"description_kind":"plain"}},"opslevel_rubric_category":{"version":0,"block":{"attributes":{"id":{"type":"string","description_kind":"plain","optional":true,"computed":true},"name":{"type":"string","description_kind":"plain","computed":true}},"block_types":{"filter":{"nesting_mode":"list","block":{"attributes":{"field":{"type":"string","description":"The field of the target resource to filter upon.","description_kind":"plain","required":true},"value":{"type":"string","description":"The field value of the target resource to match.","description_kind":"plain","optional":true}},"description_kind":"plain"},"min_items":1,"max_items":1}},"description_kind":"plain"}},"opslevel_rubric_level":{"version":0,"block":{"attributes":{"alias":{"type":"string","description_kind":"plain","computed":true},"id":{"type":"string","description_kind":"plain","optional":true,"computed":true},"index":{"type":"number","description_kind":"plain","computed":true},"name":{"type":"string","description_kind":"plain","computed":true}},"block_types":{"filter":{"nesting_mode":"list","block":{"attributes":{"field":{"type":"string","description":"The field of the target resource to filter upon.","description_kind":"plain","required":true},"value":{"type":"string","description":"The field value of the target resource to match.","description_kind":"plain","optional":true}},"description_kind":"plain"},"min_items":1,"max_items":1}},"description_kind":"plain"}},"opslevel_rubric_levels":{"version":0,"block":{"attributes":{"aliases":{"type":["list","string"],"description_kind":"plain","computed":true},"id":{"type":"string","description_kind":"plain","optional":true,"computed":true},"ids":{"type":["list","string"],"description_kind":"plain","computed":true},"indexes":{"type":["list","number"],"description_kind":"plain","computed":true},"names":{"type":["list","string"],"description_kind":"plain","computed":true}},"description_kind":"plain"}},"opslevel_service":{"version":0,"block":{"attributes":{"alias":{"type":"string","description":"An alias of the service to find by.","description_kind":"plain","optional":true},"aliases":{"type":["list","string"],"description":"A list of human-friendly, unique identifiers for the service","description_kind":"plain","computed":true},"description":{"type":"string","description":"A brief description of the service.","description_kind":"plain","computed":true},"framework":{"type":"string","description":"The primary software development framework that the service uses.","description_kind":"plain","computed":true},"id":{"type":"string","description":"The id of the service to find.","description_kind":"plain","optional":true},"language":{"type":"string","description":"The primary programming language that the service is written in.","description_kind":"plain","computed":true},"lifecycle_alias":{"type":"string","description":"The lifecycle stage of the service.","description_kind":"plain","computed":true},"name":{"type":"string","description":"The display name of the service.","description_kind":"plain","computed":true},"owner_alias":{"type":"string","description":"The team that owns the service.","description_kind":"plain","computed":true},"product":{"type":"string","description":"A product is an application that your end user interacts with. Multiple services can work together to power a single product.","description_kind":"plain","computed":true},"tags":{"type":["list","string"],"description":"A list of tags applied to the service.","description_kind":"plain","computed":true},"tier_alias":{"type":"string","description":"The software tier that the service belongs to.","description_kind":"plain","computed":true}},"description_kind":"plain"}},"opslevel_services":{"version":0,"block":{"attributes":{"id":{"type":"string","description_kind":"plain","optional":true,"computed":true},"ids":{"type":["list","string"],"description_kind":"plain","computed":true},"names":{"type":["list","string"],"description_kind":"plain","computed":true},"urls":{"type":["list","string"],"description_kind":"plain","computed":true}},"block_types":{"filter":{"nesting_mode":"list","block":{"attributes":{"field":{"type":"string","description":"The field of the target resource to filter upon.","description_kind":"plain","required":true},"value":{"type":"string","description":"The field value of the target resource to match.","description_kind":"plain","optional":true}},"description_kind":"plain"},"max_items":1}},"description_kind":"plain"}},"opslevel_team":{"version":0,"block":{"attributes":{"alias":{"type":"string","description":"An alias of the team to find by.","description_kind":"plain","optional":true},"id":{"type":"string","description":"The id of the team to find.","description_kind":"plain","optional":true},"name":{"type":"string","description_kind":"plain","computed":true}},"description_kind":"plain"}},"opslevel_teams":{"version":0,"block":{"attributes":{"aliases":{"type":["list","string"],"description_kind":"plain","computed":true},"id":{"type":"string","description_kind":"plain","optional":true,"computed":true},"ids":{"type":["list","string"],"description_kind":"plain","computed":true},"names":{"type":["list","string"],"description_kind":"plain","computed":true}},"block_types":{"filter":{"nesting_mode":"list","block":{"attributes":{"field":{"type":"string","description":"The field of the target resource to filter upon.","description_kind":"plain","required":true},"value":{"type":"string","description":"The field value of the target resource to match.","description_kind":"plain","optional":true}},"description_kind":"plain"},"max_items":1}},"description_kind":"plain"}},"opslevel_tier":{"version":0,"block":{"attributes":{"alias":{"type":"string","description_kind":"plain","computed":true},"id":{"type":"string","description_kind":"plain","optional":true,"computed":true},"index":{"type":"number","description_kind":"plain","computed":true},"name":{"type":"string","description_kind":"plain","computed":true}},"block_types":{"filter":{"nesting_mode":"list","block":{"attributes":{"field":{"type":"string","description":"The field of the target resource to filter upon.","description_kind":"plain","required":true},"value":{"type":"string","description":"The field value of the target resource to match.","description_kind":"plain","optional":true}},"description_kind":"plain"},"min_items":1,"max_items":1}},"description_kind":"plain"}},"opslevel_tiers":{"version":0,"block":{"attributes":{"aliases":{"type":["list","string"],"description_kind":"plain","computed":true},"id":{"type":"string","description_kind":"plain","optional":true,"computed":true},"ids":{"type":["list","string"],"description_kind":"plain","computed":true},"indexes":{"type":["list","number"],"description_kind":"plain","computed":true},"names":{"type":["list","string"],"description_kind":"plain","computed":true}},"description_kind":"plain"}}}}}}
