{"format_version":"0.2","provider_schemas":{"registry.terraform.io/orange-cloudfoundry/uaa":{"provider":{"version":0,"block":{"attributes":{"auth_endpoint":{"type":"string","description_kind":"plain","optional":true},"ca_cert":{"type":"string","description_kind":"plain","optional":true},"client_id":{"type":"string","description_kind":"plain","optional":true},"client_secret":{"type":"string","description_kind":"plain","optional":true},"login_endpoint":{"type":"string","description_kind":"plain","optional":true},"skip_ssl_validation":{"type":"bool","description_kind":"plain","optional":true}},"description_kind":"plain"}},"resource_schemas":{"uaa_client":{"version":0,"block":{"attributes":{"access_token_validity":{"type":"number","description_kind":"plain","optional":true},"allowedproviders":{"type":["set","string"],"description_kind":"plain","optional":true},"approvals_deleted":{"type":"bool","description_kind":"plain","optional":true},"authorities":{"type":["set","string"],"description_kind":"plain","optional":true},"authorized_grant_types":{"type":["set","string"],"description_kind":"plain","required":true},"autoapprove":{"type":["set","string"],"description_kind":"plain","optional":true},"client_id":{"type":"string","description_kind":"plain","required":true},"client_secret":{"type":"string","description_kind":"plain","optional":true,"sensitive":true},"createdwith":{"type":"string","description_kind":"plain","optional":true},"id":{"type":"string","description_kind":"plain","optional":true,"computed":true},"name":{"type":"string","description_kind":"plain","optional":true},"redirect_uri":{"type":["set","string"],"description_kind":"plain","required":true},"refresh_token_validity":{"type":"number","description_kind":"plain","optional":true},"required_user_groups":{"type":["set","string"],"description_kind":"plain","optional":true},"resource_ids":{"type":["set","string"],"description_kind":"plain","optional":true},"scope":{"type":["set","string"],"description_kind":"plain","optional":true},"token_salt":{"type":"string","description_kind":"plain","optional":true}},"description_kind":"plain"}},"uaa_user":{"version":0,"block":{"attributes":{"email":{"type":"string","description_kind":"plain","optional":true,"computed":true},"family_name":{"type":"string","description_kind":"plain","optional":true},"given_name":{"type":"string","description_kind":"plain","optional":true},"groups":{"type":["set","string"],"description_kind":"plain","optional":true},"id":{"type":"string","description_kind":"plain","optional":true,"computed":true},"name":{"type":"string","description_kind":"plain","required":true},"origin":{"type":"string","description_kind":"plain","optional":true},"password":{"type":"string","description_kind":"plain","optional":true,"sensitive":true}},"description_kind":"plain"}}},"data_source_schemas":{"uaa_client":{"version":0,"block":{"attributes":{"access_token_validity":{"type":"number","description_kind":"plain","optional":true},"allowedproviders":{"type":["set","string"],"description_kind":"plain","optional":true},"approvals_deleted":{"type":"bool","description_kind":"plain","optional":true},"authorities":{"type":["set","string"],"description_kind":"plain","optional":true},"authorized_grant_types":{"type":["set","string"],"description_kind":"plain","optional":true},"autoapprove":{"type":["set","string"],"description_kind":"plain","optional":true},"client_id":{"type":"string","description_kind":"plain","required":true},"createdwith":{"type":"string","description_kind":"plain","optional":true},"id":{"type":"string","description_kind":"plain","optional":true,"computed":true},"name":{"type":"string","description_kind":"plain","optional":true},"redirect_uri":{"type":["set","string"],"description_kind":"plain","optional":true},"refresh_token_validity":{"type":"number","description_kind":"plain","optional":true},"required_user_groups":{"type":["set","string"],"description_kind":"plain","optional":true},"resource_ids":{"type":["set","string"],"description_kind":"plain","optional":true},"scope":{"type":["set","string"],"description_kind":"plain","optional":true},"token_salt":{"type":"string","description_kind":"plain","optional":true}},"description_kind":"plain"}},"uaa_user":{"version":0,"block":{"attributes":{"id":{"type":"string","description_kind":"plain","optional":true,"computed":true},"name":{"type":"string","description_kind":"plain","required":true}},"description_kind":"plain"}}}}}}
