{"format_version":"0.2","provider_schemas":{"registry.terraform.io/orange-cloudfoundry/nsx":{"provider":{"version":0,"block":{"attributes":{"debug":{"type":"bool","description_kind":"plain","optional":true},"insecure":{"type":"bool","description_kind":"plain","optional":true},"nsxpassword":{"type":"string","description_kind":"plain","optional":true},"nsxserver":{"type":"string","description_kind":"plain","optional":true},"nsxusername":{"type":"string","description_kind":"plain","optional":true}},"description_kind":"plain"}},"resource_schemas":{"nsx_dhcp_relay":{"version":0,"block":{"attributes":{"dhcpserverip":{"type":["list","string"],"description":"Comma separated lists of IP Addresses (at least one of ipsets, fqdn, dhcpserverip must be provided)","description_kind":"plain","optional":true},"edgeid":{"type":"string","description_kind":"plain","required":true},"fqdn":{"type":["list","string"],"description":"Comma separated lists of Domain names, max: 2 (at least one of ipsets, fqdn, dhcpserverip must be provided)","description_kind":"plain","optional":true},"id":{"type":"string","description_kind":"plain","optional":true,"computed":true},"ipsets":{"type":["list","string"],"description":"List of IPsets (at least one of ipsets, fqdn, dhcpserverip must be provided)","description_kind":"plain","optional":true}},"block_types":{"agent":{"nesting_mode":"set","block":{"attributes":{"giaddress":{"type":"string","description":"Gateway address of network attached to the vNic, defaults to the vNic primary address","description_kind":"plain","optional":true},"vnicindex":{"type":"string","description_kind":"plain","required":true}},"description_kind":"plain"},"min_items":1}},"description_kind":"plain"}},"nsx_edge_interface":{"version":0,"block":{"attributes":{"connectedtoid":{"type":"string","description_kind":"plain","optional":true},"edgeid":{"type":"string","description_kind":"plain","required":true},"id":{"type":"string","description_kind":"plain","optional":true,"computed":true},"index":{"type":"number","description_kind":"plain","optional":true,"computed":true},"interfacetype":{"type":"string","description_kind":"plain","required":true},"isconnected":{"type":"bool","description_kind":"plain","optional":true},"label":{"type":"string","description_kind":"plain","optional":true,"computed":true},"mtu":{"type":"number","description_kind":"plain","required":true},"name":{"type":"string","description_kind":"plain","required":true}},"block_types":{"addressgroups":{"nesting_mode":"list","block":{"attributes":{"primaryaddress":{"type":"string","description_kind":"plain","required":true},"subnetmask":{"type":"string","description_kind":"plain","required":true}},"description_kind":"plain"},"min_items":1}},"description_kind":"plain"}},"nsx_firewall_exclusion":{"version":0,"block":{"attributes":{"id":{"type":"string","description_kind":"plain","optional":true,"computed":true},"moid":{"type":"string","description_kind":"plain","required":true}},"description_kind":"plain"}},"nsx_firewall_rule":{"version":0,"block":{"attributes":{"action":{"type":"string","description_kind":"plain","optional":true},"applied_to":{"type":["set",["object",{"is_valid":"bool","name":"string","type":"string","value":"string"}]],"description_kind":"plain","optional":true,"computed":true},"description":{"type":"string","description_kind":"plain","optional":true},"destination":{"type":["set",["object",{"is_valid":"bool","name":"string","type":"string","value":"string"}]],"description_kind":"plain","optional":true},"destination_excluded":{"type":["set",["object",{"is_valid":"bool","name":"string","type":"string","value":"string"}]],"description_kind":"plain","optional":true},"direction":{"type":"string","description_kind":"plain","optional":true},"disabled":{"type":"bool","description_kind":"plain","optional":true},"etag":{"type":"string","description_kind":"plain","computed":true},"id":{"type":"string","description_kind":"plain","optional":true,"computed":true},"logged":{"type":"bool","description_kind":"plain","optional":true},"name":{"type":"string","description_kind":"plain","required":true},"packet_type":{"type":"string","description_kind":"plain","optional":true},"sectionid":{"type":"number","description_kind":"plain","required":true},"source":{"type":["set",["object",{"is_valid":"bool","name":"string","type":"string","value":"string"}]],"description_kind":"plain","optional":true},"source_excluded":{"type":["set",["object",{"is_valid":"bool","name":"string","type":"string","value":"string"}]],"description_kind":"plain","optional":true}},"block_types":{"service":{"nesting_mode":"set","block":{"attributes":{"is_valid":{"type":"bool","description_kind":"plain","computed":true},"name":{"type":"string","description_kind":"plain","computed":true},"type":{"type":"string","description_kind":"plain","optional":true},"value":{"type":"string","description_kind":"plain","required":true}},"description_kind":"plain"}}},"description_kind":"plain"}},"nsx_logical_switch":{"version":0,"block":{"attributes":{"controlplanemode":{"type":"string","description":"The control plane mode to use with the logical switch. Typically this will be UNICAST_MODE. Other valid options are HYBRID_MODE and MULTICAST_MODE","description_kind":"plain","required":true},"desc":{"type":"string","description":"A description of the logical switch","description_kind":"plain","required":true},"id":{"type":"string","description_kind":"plain","optional":true,"computed":true},"labels":{"type":["list","string"],"description":"The virtual wire labels","description_kind":"plain","computed":true},"name":{"type":"string","description":"The name of the logical switch","description_kind":"plain","required":true},"scopeid":{"type":"string","description":"The transport zone ID. Only required for creation.","description_kind":"plain","required":true},"tenantid":{"type":"string","description":"Virtual Wire tenant ID. Can't be changed after creation","description_kind":"plain","required":true}},"description_kind":"plain"}},"nsx_security_group":{"version":0,"block":{"attributes":{"existing":{"type":"bool","description_kind":"plain","computed":true},"id":{"type":"string","description_kind":"plain","optional":true,"computed":true},"name":{"type":"string","description_kind":"plain","required":true},"no_delete":{"type":"bool","description_kind":"plain","optional":true},"scopeid":{"type":"string","description_kind":"plain","optional":true}},"block_types":{"dynamic_membership":{"nesting_mode":"list","block":{"attributes":{"rules_operator":{"type":"string","description_kind":"plain","required":true},"set_operator":{"type":"string","description_kind":"plain","required":true}},"block_types":{"rules":{"nesting_mode":"set","block":{"attributes":{"criteria":{"type":"string","description_kind":"plain","required":true},"key":{"type":"string","description_kind":"plain","required":true},"value":{"type":"string","description_kind":"plain","required":true}},"description_kind":"plain"},"min_items":1}},"description_kind":"plain"}}},"description_kind":"plain"}},"nsx_security_policy":{"version":0,"block":{"attributes":{"description":{"type":"string","description_kind":"plain","optional":true},"id":{"type":"string","description_kind":"plain","optional":true,"computed":true},"name":{"type":"string","description_kind":"plain","required":true},"precedence":{"type":"string","description_kind":"plain","required":true},"securitygroups":{"type":["list","string"],"description_kind":"plain","optional":true}},"description_kind":"plain"}},"nsx_security_policy_rule":{"version":0,"block":{"attributes":{"action":{"type":"string","description_kind":"plain","required":true},"direction":{"type":"string","description_kind":"plain","required":true},"id":{"type":"string","description_kind":"plain","optional":true,"computed":true},"name":{"type":"string","description_kind":"plain","required":true},"revision":{"type":"number","description_kind":"plain","computed":true},"securitygroupbindingids":{"type":["list","string"],"description_kind":"plain","optional":true},"securitygroupids":{"type":["list","string"],"description_kind":"plain","optional":true},"securitypolicyname":{"type":"string","description_kind":"plain","required":true},"serviceids":{"type":["list","string"],"description_kind":"plain","required":true}},"description_kind":"plain"}},"nsx_security_tag":{"version":0,"block":{"attributes":{"desc":{"type":"string","description_kind":"plain","required":true},"id":{"type":"string","description_kind":"plain","optional":true,"computed":true},"name":{"type":"string","description_kind":"plain","required":true}},"description_kind":"plain"}},"nsx_security_tag_attachment":{"version":0,"block":{"attributes":{"id":{"type":"string","description_kind":"plain","optional":true,"computed":true},"moid":{"type":"string","description_kind":"plain","required":true},"name":{"type":"string","description_kind":"plain","required":true},"tagid":{"type":["list","string"],"description_kind":"plain","required":true}},"description_kind":"plain"}},"nsx_service":{"version":0,"block":{"attributes":{"description":{"type":"string","description_kind":"plain","required":true},"id":{"type":"string","description_kind":"plain","optional":true,"computed":true},"name":{"type":"string","description_kind":"plain","required":true},"ports":{"type":"string","description_kind":"plain","optional":true},"protocol":{"type":"string","description_kind":"plain","required":true},"scopeid":{"type":"string","description_kind":"plain","required":true}},"description_kind":"plain"}}},"data_source_schemas":{"nsx_security_group":{"version":0,"block":{"attributes":{"id":{"type":"string","description_kind":"plain","optional":true,"computed":true},"name":{"type":"string","description_kind":"plain","required":true},"scopeid":{"type":"string","description_kind":"plain","optional":true}},"description_kind":"plain"}}}}}}
