{"format_version":"0.2","provider_schemas":{"registry.terraform.io/orange-cloudfoundry/credhub":{"provider":{"version":0,"block":{"attributes":{"ca_cert":{"type":"string","description":"Trusted CA for API and UAA TLS connections.","description_kind":"plain","optional":true},"client_id":{"type":"string","description":"The client_id of an UAA client credhub.write and credhub.read scopes. (Optional if you use an username/password)","description_kind":"plain","optional":true},"client_secret":{"type":"string","description":"The client_secret of an UAA client credhub.write and credhub.read scopes. (Optional if you use an username/password)","description_kind":"plain","optional":true},"credhub_server":{"type":"string","description":"Your credhub api url. (Note: https will be enforced)","description_kind":"plain","optional":true},"password":{"type":"string","description":"The password of an UAA user credhub.write and credhub.read scopes. (Optional if you use an client_id/client_secret)","description_kind":"plain","optional":true},"proxy":{"type":"string","description":"Create given proxy before connecting to connect credhub server","description_kind":"plain","optional":true},"skip_ssl_validation":{"type":"bool","description":"Set to true to skip verification of the API endpoint. Not recommended!","description_kind":"plain","optional":true},"username":{"type":"string","description":"The username of an UAA user credhub.write and credhub.read scopes. (Optional if you use an client_id/client_secret)","description_kind":"plain","optional":true}},"description_kind":"plain"}},"resource_schemas":{"credhub_certificate":{"version":0,"block":{"attributes":{"alternative_names":{"type":["set","string"],"description_kind":"plain","optional":true},"ca":{"type":"string","description_kind":"plain","optional":true},"changed":{"type":"bool","description_kind":"plain","optional":true},"common_name":{"type":"string","description_kind":"plain","optional":true},"country":{"type":"string","description_kind":"plain","optional":true},"duration":{"type":"number","description_kind":"plain","optional":true},"extended_key_usage":{"type":["set","string"],"description_kind":"plain","optional":true},"id":{"type":"string","description_kind":"plain","optional":true,"computed":true},"is_ca":{"type":"bool","description_kind":"plain","optional":true},"key_length":{"type":"number","description_kind":"plain","optional":true},"key_usage":{"type":["set","string"],"description_kind":"plain","optional":true},"last_generation":{"type":"string","description_kind":"plain","computed":true},"locality":{"type":"string","description_kind":"plain","optional":true},"name":{"type":"string","description_kind":"plain","required":true},"organization":{"type":"string","description_kind":"plain","optional":true},"organization_unit":{"type":"string","description_kind":"plain","optional":true},"rotate_interval":{"type":"string","description_kind":"plain","optional":true},"self_sign":{"type":"bool","description_kind":"plain","optional":true},"signature":{"type":"string","description_kind":"plain","computed":true},"state":{"type":"string","description_kind":"plain","optional":true}},"description_kind":"plain"}},"credhub_generic":{"version":0,"block":{"attributes":{"changed":{"type":"bool","description_kind":"plain","optional":true},"data_credential":{"type":["map","string"],"description_kind":"plain","optional":true},"data_json":{"type":"string","description_kind":"plain","optional":true},"data_value":{"type":"string","description_kind":"plain","optional":true},"id":{"type":"string","description_kind":"plain","optional":true,"computed":true},"last_generation":{"type":"string","description_kind":"plain","computed":true},"name":{"type":"string","description_kind":"plain","required":true},"rotate_interval":{"type":"string","description_kind":"plain","optional":true},"signature":{"type":"string","description_kind":"plain","computed":true},"type":{"type":"string","description_kind":"plain","required":true}},"description_kind":"plain"}},"credhub_password":{"version":0,"block":{"attributes":{"changed":{"type":"bool","description_kind":"plain","optional":true},"exclude_lower":{"type":"bool","description_kind":"plain","optional":true},"exclude_number":{"type":"bool","description_kind":"plain","optional":true},"exclude_upper":{"type":"bool","description_kind":"plain","optional":true},"id":{"type":"string","description_kind":"plain","optional":true,"computed":true},"include_special":{"type":"bool","description_kind":"plain","optional":true},"last_generation":{"type":"string","description_kind":"plain","computed":true},"length":{"type":"number","description_kind":"plain","optional":true},"name":{"type":"string","description_kind":"plain","required":true},"rotate_interval":{"type":"string","description_kind":"plain","optional":true},"signature":{"type":"string","description_kind":"plain","computed":true}},"description_kind":"plain"}},"credhub_permission":{"version":0,"block":{"attributes":{"actor":{"type":"string","description_kind":"plain","required":true},"id":{"type":"string","description_kind":"plain","optional":true,"computed":true},"operations":{"type":["set","string"],"description_kind":"plain","required":true},"path":{"type":"string","description_kind":"plain","required":true}},"description_kind":"plain"}},"credhub_rsa":{"version":0,"block":{"attributes":{"changed":{"type":"bool","description_kind":"plain","optional":true},"id":{"type":"string","description_kind":"plain","optional":true,"computed":true},"key_length":{"type":"number","description_kind":"plain","required":true},"last_generation":{"type":"string","description_kind":"plain","computed":true},"name":{"type":"string","description_kind":"plain","required":true},"rotate_interval":{"type":"string","description_kind":"plain","optional":true},"signature":{"type":"string","description_kind":"plain","computed":true}},"description_kind":"plain"}},"credhub_ssh":{"version":0,"block":{"attributes":{"changed":{"type":"bool","description_kind":"plain","optional":true},"id":{"type":"string","description_kind":"plain","optional":true,"computed":true},"key_length":{"type":"number","description_kind":"plain","required":true},"last_generation":{"type":"string","description_kind":"plain","computed":true},"name":{"type":"string","description_kind":"plain","required":true},"rotate_interval":{"type":"string","description_kind":"plain","optional":true},"signature":{"type":"string","description_kind":"plain","computed":true},"ssh_comment":{"type":"string","description_kind":"plain","optional":true}},"description_kind":"plain"}},"credhub_user":{"version":0,"block":{"attributes":{"changed":{"type":"bool","description_kind":"plain","optional":true},"exclude_lower":{"type":"bool","description_kind":"plain","optional":true},"exclude_number":{"type":"bool","description_kind":"plain","optional":true},"exclude_upper":{"type":"bool","description_kind":"plain","optional":true},"id":{"type":"string","description_kind":"plain","optional":true,"computed":true},"include_special":{"type":"bool","description_kind":"plain","optional":true},"last_generation":{"type":"string","description_kind":"plain","computed":true},"length":{"type":"number","description_kind":"plain","optional":true},"name":{"type":"string","description_kind":"plain","required":true},"rotate_interval":{"type":"string","description_kind":"plain","optional":true},"signature":{"type":"string","description_kind":"plain","computed":true},"username":{"type":"string","description_kind":"plain","required":true}},"description_kind":"plain"}}},"data_source_schemas":{"credhub_certificate":{"version":0,"block":{"attributes":{"ca":{"type":"string","description_kind":"plain","computed":true},"ca_name":{"type":"string","description_kind":"plain","computed":true},"certificate":{"type":"string","description_kind":"plain","computed":true},"cred_id":{"type":"string","description_kind":"plain","optional":true},"id":{"type":"string","description_kind":"plain","optional":true,"computed":true},"name":{"type":"string","description_kind":"plain","optional":true},"private_key":{"type":"string","description_kind":"plain","computed":true},"type":{"type":"string","description_kind":"plain","computed":true}},"description_kind":"plain"}},"credhub_generic":{"version":0,"block":{"attributes":{"cred_id":{"type":"string","description_kind":"plain","optional":true},"credential":{"type":["map","string"],"description_kind":"plain","computed":true},"id":{"type":"string","description_kind":"plain","optional":true,"computed":true},"name":{"type":"string","description_kind":"plain","optional":true},"type":{"type":"string","description_kind":"plain","computed":true}},"description_kind":"plain"}},"credhub_json":{"version":0,"block":{"attributes":{"cred_id":{"type":"string","description_kind":"plain","optional":true},"id":{"type":"string","description_kind":"plain","optional":true,"computed":true},"json":{"type":"string","description_kind":"plain","computed":true},"name":{"type":"string","description_kind":"plain","optional":true},"type":{"type":"string","description_kind":"plain","computed":true}},"description_kind":"plain"}},"credhub_password":{"version":0,"block":{"attributes":{"cred_id":{"type":"string","description_kind":"plain","optional":true},"id":{"type":"string","description_kind":"plain","optional":true,"computed":true},"name":{"type":"string","description_kind":"plain","optional":true},"password":{"type":"string","description_kind":"plain","computed":true},"type":{"type":"string","description_kind":"plain","computed":true}},"description_kind":"plain"}},"credhub_rsa":{"version":0,"block":{"attributes":{"cred_id":{"type":"string","description_kind":"plain","optional":true},"id":{"type":"string","description_kind":"plain","optional":true,"computed":true},"name":{"type":"string","description_kind":"plain","optional":true},"private_key":{"type":"string","description_kind":"plain","computed":true},"public_key":{"type":"string","description_kind":"plain","computed":true},"type":{"type":"string","description_kind":"plain","computed":true}},"description_kind":"plain"}},"credhub_ssh":{"version":0,"block":{"attributes":{"cred_id":{"type":"string","description_kind":"plain","optional":true},"id":{"type":"string","description_kind":"plain","optional":true,"computed":true},"name":{"type":"string","description_kind":"plain","optional":true},"private_key":{"type":"string","description_kind":"plain","computed":true},"public_key":{"type":"string","description_kind":"plain","computed":true},"type":{"type":"string","description_kind":"plain","computed":true}},"description_kind":"plain"}},"credhub_user":{"version":0,"block":{"attributes":{"cred_id":{"type":"string","description_kind":"plain","optional":true},"id":{"type":"string","description_kind":"plain","optional":true,"computed":true},"name":{"type":"string","description_kind":"plain","optional":true},"password":{"type":"string","description_kind":"plain","computed":true},"type":{"type":"string","description_kind":"plain","computed":true},"username":{"type":"string","description_kind":"plain","computed":true}},"description_kind":"plain"}},"credhub_value":{"version":0,"block":{"attributes":{"cred_id":{"type":"string","description_kind":"plain","optional":true},"id":{"type":"string","description_kind":"plain","optional":true,"computed":true},"name":{"type":"string","description_kind":"plain","optional":true},"type":{"type":"string","description_kind":"plain","computed":true},"value":{"type":"string","description_kind":"plain","computed":true}},"description_kind":"plain"}}}}}}
