{"format_version":"0.2","provider_schemas":{"registry.terraform.io/orange-cloudfoundry/cfsecurity":{"provider":{"version":0,"block":{"attributes":{"cf_api_url":{"type":"string","description_kind":"plain","optional":true},"cf_client_id":{"type":"string","description_kind":"plain","optional":true},"cf_client_secret":{"type":"string","description_kind":"plain","optional":true},"cf_security_url":{"type":"string","description_kind":"plain","optional":true},"password":{"type":"string","description_kind":"plain","optional":true},"skip_ssl_validation":{"type":"bool","description_kind":"plain","optional":true},"user":{"type":"string","description_kind":"plain","optional":true}},"description_kind":"plain"}},"resource_schemas":{"cfsecurity_bind_asg":{"version":0,"block":{"attributes":{"force":{"type":"bool","description_kind":"plain","optional":true},"id":{"type":"string","description_kind":"plain","optional":true,"computed":true}},"block_types":{"bind":{"nesting_mode":"set","block":{"attributes":{"asg_id":{"type":"string","description_kind":"plain","required":true},"space_id":{"type":"string","description_kind":"plain","required":true}},"description_kind":"plain"}}},"description_kind":"plain"}},"cfsecurity_entitle_asg":{"version":0,"block":{"attributes":{"id":{"type":"string","description_kind":"plain","optional":true,"computed":true}},"block_types":{"entitle":{"nesting_mode":"set","block":{"attributes":{"asg_id":{"type":"string","description_kind":"plain","required":true},"org_id":{"type":"string","description_kind":"plain","required":true}},"description_kind":"plain"}}},"description_kind":"plain"}}},"data_source_schemas":{"cfsecurity_asg":{"version":0,"block":{"attributes":{"id":{"type":"string","description_kind":"plain","optional":true,"computed":true},"name":{"type":"string","description_kind":"plain","required":true}},"description_kind":"plain"}}}}}}
