{"format_version":"0.2","provider_schemas":{"registry.terraform.io/orendain/grafanaauth":{"provider":{"version":0,"block":{"attributes":{"organization_id":{"type":"number","description_kind":"plain","optional":true},"password":{"type":"string","description_kind":"plain","optional":true,"sensitive":true},"token":{"type":"string","description_kind":"plain","optional":true,"sensitive":true},"url":{"type":"string","description_kind":"plain","required":true},"username":{"type":"string","description_kind":"plain","optional":true}},"description_kind":"plain"}},"resource_schemas":{"grafanaauth_api_key":{"version":0,"block":{"attributes":{"expiration":{"type":"string","description_kind":"plain","computed":true},"id":{"type":"string","description_kind":"plain","computed":true},"key":{"type":"string","description_kind":"plain","computed":true,"sensitive":true},"name":{"type":"string","description_kind":"plain","required":true},"role":{"type":"string","description_kind":"plain","required":true},"seconds_to_live":{"type":"number","description_kind":"plain","optional":true}},"description_kind":"plain"}}}}}}
