{"format_version":"0.2","provider_schemas":{"registry.terraform.io/osherdp/libvirt":{"provider":{"version":0,"block":{"attributes":{"uri":{"type":"string","description":"libvirt connection URI for operations. See https://libvirt.org/uri.html","description_kind":"plain","required":true}},"description_kind":"plain"}},"resource_schemas":{"libvirt_cloudinit_disk":{"version":0,"block":{"attributes":{"id":{"type":"string","description_kind":"plain","optional":true,"computed":true},"meta_data":{"type":"string","description_kind":"plain","optional":true},"name":{"type":"string","description_kind":"plain","required":true},"network_config":{"type":"string","description_kind":"plain","optional":true},"pool":{"type":"string","description_kind":"plain","optional":true},"user_data":{"type":"string","description_kind":"plain","optional":true}},"description_kind":"plain"}},"libvirt_domain":{"version":0,"block":{"attributes":{"arch":{"type":"string","description_kind":"plain","optional":true,"computed":true},"autostart":{"type":"bool","description_kind":"plain","optional":true},"cloudinit":{"type":"string","description_kind":"plain","optional":true},"cmdline":{"type":["list",["map","string"]],"description_kind":"plain","optional":true},"coreos_ignition":{"type":"string","description_kind":"plain","optional":true},"description":{"type":"string","description_kind":"plain","optional":true},"disk":{"type":["list",["object",{"block_device":"string","file":"string","scsi":"bool","url":"string","volume_id":"string","wwn":"string"}]],"description_kind":"plain","optional":true},"emulator":{"type":"string","description_kind":"plain","optional":true,"computed":true},"firmware":{"type":"string","description_kind":"plain","optional":true},"fw_cfg_name":{"type":"string","description_kind":"plain","optional":true},"id":{"type":"string","description_kind":"plain","optional":true,"computed":true},"initrd":{"type":"string","description_kind":"plain","optional":true},"kernel":{"type":"string","description_kind":"plain","optional":true},"machine":{"type":"string","description_kind":"plain","optional":true,"computed":true},"memory":{"type":"number","description_kind":"plain","optional":true},"metadata":{"type":"string","description_kind":"plain","optional":true},"name":{"type":"string","description_kind":"plain","required":true},"qemu_agent":{"type":"bool","description_kind":"plain","optional":true},"running":{"type":"bool","description_kind":"plain","optional":true},"vcpu":{"type":"number","description_kind":"plain","optional":true}},"block_types":{"boot_device":{"nesting_mode":"list","block":{"attributes":{"dev":{"type":["list","string"],"description_kind":"plain","optional":true}},"description_kind":"plain"}},"console":{"nesting_mode":"list","block":{"attributes":{"source_host":{"type":"string","description_kind":"plain","optional":true},"source_path":{"type":"string","description_kind":"plain","optional":true},"source_service":{"type":"string","description_kind":"plain","optional":true},"target_port":{"type":"string","description_kind":"plain","required":true},"target_type":{"type":"string","description_kind":"plain","optional":true},"type":{"type":"string","description_kind":"plain","required":true}},"description_kind":"plain"}},"cpu":{"nesting_mode":"list","block":{"attributes":{"mode":{"type":"string","description_kind":"plain","required":true}},"description_kind":"plain"},"max_items":1},"filesystem":{"nesting_mode":"list","block":{"attributes":{"accessmode":{"type":"string","description_kind":"plain","optional":true},"readonly":{"type":"bool","description_kind":"plain","optional":true},"source":{"type":"string","description_kind":"plain","required":true},"target":{"type":"string","description_kind":"plain","required":true}},"description_kind":"plain"}},"graphics":{"nesting_mode":"list","block":{"attributes":{"autoport":{"type":"bool","description_kind":"plain","optional":true},"listen_address":{"type":"string","description_kind":"plain","optional":true},"listen_type":{"type":"string","description_kind":"plain","optional":true},"type":{"type":"string","description_kind":"plain","optional":true},"websocket":{"type":"number","description_kind":"plain","optional":true}},"description_kind":"plain"},"max_items":1},"network_interface":{"nesting_mode":"list","block":{"attributes":{"addresses":{"type":["list","string"],"description_kind":"plain","optional":true,"computed":true},"bridge":{"type":"string","description_kind":"plain","optional":true},"hostname":{"type":"string","description_kind":"plain","optional":true,"computed":true},"mac":{"type":"string","description_kind":"plain","optional":true,"computed":true},"macvtap":{"type":"string","description_kind":"plain","optional":true},"network_id":{"type":"string","description_kind":"plain","optional":true,"computed":true},"network_name":{"type":"string","description_kind":"plain","optional":true,"computed":true},"passthrough":{"type":"string","description_kind":"plain","optional":true},"vepa":{"type":"string","description_kind":"plain","optional":true},"wait_for_lease":{"type":"bool","description_kind":"plain","optional":true}},"description_kind":"plain"}},"nvram":{"nesting_mode":"list","block":{"attributes":{"file":{"type":"string","description_kind":"plain","required":true},"template":{"type":"string","description_kind":"plain","optional":true}},"description_kind":"plain"},"max_items":1},"timeouts":{"nesting_mode":"single","block":{"attributes":{"create":{"type":"string","description_kind":"plain","optional":true}},"description_kind":"plain"}},"tpm":{"nesting_mode":"list","block":{"attributes":{"backend_device_path":{"type":"string","description_kind":"plain","optional":true},"backend_encryption_secret":{"type":"string","description_kind":"plain","optional":true},"backend_persistent_state":{"type":"bool","description_kind":"plain","optional":true},"backend_type":{"type":"string","description_kind":"plain","optional":true},"backend_version":{"type":"string","description_kind":"plain","optional":true},"model":{"type":"string","description_kind":"plain","optional":true}},"description_kind":"plain"},"max_items":1},"video":{"nesting_mode":"list","block":{"attributes":{"type":{"type":"string","description_kind":"plain","optional":true}},"description_kind":"plain"},"max_items":1},"xml":{"nesting_mode":"list","block":{"attributes":{"xslt":{"type":"string","description_kind":"plain","optional":true}},"description_kind":"plain"},"max_items":1}},"description_kind":"plain"}},"libvirt_ignition":{"version":0,"block":{"attributes":{"content":{"type":"string","description_kind":"plain","required":true},"id":{"type":"string","description_kind":"plain","optional":true,"computed":true},"name":{"type":"string","description_kind":"plain","required":true},"pool":{"type":"string","description_kind":"plain","optional":true}},"description_kind":"plain"}},"libvirt_network":{"version":0,"block":{"attributes":{"addresses":{"type":["list","string"],"description_kind":"plain","optional":true},"autostart":{"type":"bool","description_kind":"plain","optional":true},"bridge":{"type":"string","description_kind":"plain","optional":true,"computed":true},"domain":{"type":"string","description_kind":"plain","optional":true},"id":{"type":"string","description_kind":"plain","optional":true,"computed":true},"mode":{"type":"string","description_kind":"plain","optional":true},"mtu":{"type":"number","description_kind":"plain","optional":true},"name":{"type":"string","description_kind":"plain","required":true}},"block_types":{"dhcp":{"nesting_mode":"list","block":{"attributes":{"enabled":{"type":"bool","description_kind":"plain","optional":true}},"description_kind":"plain"},"max_items":1},"dns":{"nesting_mode":"list","block":{"attributes":{"enabled":{"type":"bool","description_kind":"plain","optional":true},"local_only":{"type":"bool","description_kind":"plain","optional":true}},"block_types":{"forwarders":{"nesting_mode":"list","block":{"attributes":{"address":{"type":"string","description_kind":"plain","optional":true},"domain":{"type":"string","description_kind":"plain","optional":true}},"description_kind":"plain"}},"hosts":{"nesting_mode":"list","block":{"attributes":{"hostname":{"type":"string","description_kind":"plain","optional":true},"ip":{"type":"string","description_kind":"plain","optional":true}},"description_kind":"plain"}},"srvs":{"nesting_mode":"list","block":{"attributes":{"domain":{"type":"string","description_kind":"plain","optional":true},"port":{"type":"string","description_kind":"plain","optional":true},"priority":{"type":"string","description_kind":"plain","optional":true},"protocol":{"type":"string","description_kind":"plain","optional":true},"service":{"type":"string","description_kind":"plain","optional":true},"target":{"type":"string","description_kind":"plain","optional":true},"weight":{"type":"string","description_kind":"plain","optional":true}},"description_kind":"plain"}}},"description_kind":"plain"},"max_items":1},"dnsmasq_options":{"nesting_mode":"list","block":{"block_types":{"options":{"nesting_mode":"list","block":{"attributes":{"option_name":{"type":"string","description_kind":"plain","optional":true},"option_value":{"type":"string","description_kind":"plain","optional":true}},"description_kind":"plain"}}},"description_kind":"plain"},"max_items":1},"routes":{"nesting_mode":"list","block":{"attributes":{"cidr":{"type":"string","description_kind":"plain","required":true},"gateway":{"type":"string","description_kind":"plain","required":true}},"description_kind":"plain"}},"xml":{"nesting_mode":"list","block":{"attributes":{"xslt":{"type":"string","description_kind":"plain","optional":true}},"description_kind":"plain"},"max_items":1}},"description_kind":"plain"}},"libvirt_pool":{"version":0,"block":{"attributes":{"allocation":{"type":"number","description_kind":"plain","optional":true,"computed":true},"available":{"type":"string","description_kind":"plain","optional":true,"computed":true},"capacity":{"type":"number","description_kind":"plain","optional":true,"computed":true},"id":{"type":"string","description_kind":"plain","optional":true,"computed":true},"name":{"type":"string","description_kind":"plain","required":true},"path":{"type":"string","description_kind":"plain","optional":true},"type":{"type":"string","description_kind":"plain","required":true}},"block_types":{"xml":{"nesting_mode":"list","block":{"attributes":{"xslt":{"type":"string","description_kind":"plain","optional":true}},"description_kind":"plain"},"max_items":1}},"description_kind":"plain"}},"libvirt_volume":{"version":0,"block":{"attributes":{"base_volume_id":{"type":"string","description_kind":"plain","optional":true},"base_volume_name":{"type":"string","description_kind":"plain","optional":true},"base_volume_pool":{"type":"string","description_kind":"plain","optional":true},"format":{"type":"string","description_kind":"plain","optional":true,"computed":true},"id":{"type":"string","description_kind":"plain","optional":true,"computed":true},"name":{"type":"string","description_kind":"plain","required":true},"pool":{"type":"string","description_kind":"plain","optional":true},"size":{"type":"number","description_kind":"plain","optional":true,"computed":true},"source":{"type":"string","description_kind":"plain","optional":true}},"block_types":{"xml":{"nesting_mode":"list","block":{"attributes":{"xslt":{"type":"string","description_kind":"plain","optional":true}},"description_kind":"plain"},"max_items":1}},"description_kind":"plain"}}},"data_source_schemas":{"libvirt_network_dns_host_template":{"version":0,"block":{"attributes":{"hostname":{"type":"string","description_kind":"plain","required":true},"id":{"type":"string","description_kind":"plain","optional":true,"computed":true},"ip":{"type":"string","description_kind":"plain","required":true},"rendered":{"type":["map","string"],"description_kind":"plain","computed":true}},"description_kind":"plain"}},"libvirt_network_dns_srv_template":{"version":0,"block":{"attributes":{"domain":{"type":"string","description_kind":"plain","optional":true},"id":{"type":"string","description_kind":"plain","optional":true,"computed":true},"port":{"type":"string","description_kind":"plain","optional":true},"priority":{"type":"string","description_kind":"plain","optional":true},"protocol":{"type":"string","description_kind":"plain","required":true},"rendered":{"type":["map","string"],"description_kind":"plain","computed":true},"service":{"type":"string","description_kind":"plain","required":true},"target":{"type":"string","description_kind":"plain","optional":true},"weight":{"type":"string","description_kind":"plain","optional":true}},"description_kind":"plain"}},"libvirt_network_dnsmasq_options_template":{"version":0,"block":{"attributes":{"id":{"type":"string","description_kind":"plain","optional":true,"computed":true},"option_name":{"type":"string","description_kind":"plain","required":true},"option_value":{"type":"string","description_kind":"plain","required":true},"rendered":{"type":["map","string"],"description_kind":"plain","computed":true}},"description_kind":"plain"}}}}}}
