{"format_version":"0.2","provider_schemas":{"registry.terraform.io/ouest-france/ldap":{"provider":{"version":0,"block":{"attributes":{"bind_password":{"type":"string","description":"LDAP password","description_kind":"plain","required":true},"bind_user":{"type":"string","description":"LDAP username","description_kind":"plain","required":true},"host":{"type":"string","description":"LDAP host","description_kind":"plain","required":true},"port":{"type":"number","description":"LDAP port","description_kind":"plain","required":true},"tls":{"type":"bool","description":"Enable the TLS encryption for LDAP (LDAPS). Default, is `false`.","description_kind":"plain","optional":true},"tls_ca_certificate":{"type":"string","description":"The TLS CA certificate to trust for the LDAPS connection.","description_kind":"plain","optional":true},"tls_insecure":{"type":"bool","description":"Don't verify the server TLS certificate. Default is `false`.","description_kind":"plain","optional":true}},"description_kind":"plain"}},"resource_schemas":{"ldap_group":{"version":0,"block":{"attributes":{"description":{"type":"string","description":"Description attribute for the LDAP group.","description_kind":"plain","optional":true},"group_type":{"type":"string","description":"Type of the group","description_kind":"plain","optional":true,"computed":true},"id":{"type":"string","description":"The DN of the LDAP group.","description_kind":"plain","computed":true},"members":{"type":["set","string"],"description":" LDAP group members.","description_kind":"plain","optional":true},"name":{"type":"string","description":"LDAP group name.","description_kind":"plain","required":true},"ou":{"type":"string","description":"OU where LDAP group will be created.","description_kind":"plain","required":true}},"description":"`ldap_group` is a resource for managing an LDAP group.","description_kind":"plain"}}},"data_source_schemas":{"ldap_group":{"version":0,"block":{"attributes":{"description":{"type":"string","description":"Description attribute for the LDAP","description_kind":"plain","computed":true},"group_type":{"type":"string","description":"Type of the group","description_kind":"plain","computed":true},"id":{"type":"string","description":"The DN of the LDAP group.","description_kind":"plain","computed":true},"members":{"type":["set","string"],"description":"LDAP group members.","description_kind":"plain","computed":true},"name":{"type":"string","description":"LDAP group name.","description_kind":"plain","required":true},"ou":{"type":"string","description":"OU where LDAP group will be search.","description_kind":"plain","required":true}},"description":"`ldap_group` is a data source for managing an LDAP group.","description_kind":"plain"}},"ldap_user":{"version":0,"block":{"attributes":{"description":{"type":"string","description":"Description attribute for the LDAP user.","description_kind":"plain","optional":true},"id":{"type":"string","description":"The DN of the LDAP user.","description_kind":"plain","computed":true},"name":{"type":"string","description":"The name of the LDAP user.","description_kind":"plain","optional":true},"ou":{"type":"string","description":"OU where LDAP user will be search.","description_kind":"plain","required":true},"sam_account_name":{"type":"string","description":"The sAMAccountName of the LDAP user.","description_kind":"plain","optional":true},"user_principal_name":{"type":"string","description":"The userPrincipalName of the LDAP user","description_kind":"plain","optional":true}},"description":"`ldap_user` is a data source for retrieving an LDAP user.","description_kind":"plain"}}}}}}
