{"format_version":"0.2","provider_schemas":{"registry.terraform.io/ouest-france/itop":{"provider":{"version":0,"block":{"attributes":{"address":{"type":"string","description":"itop server address","description_kind":"plain","required":true},"password":{"type":"string","description":"itop password","description_kind":"plain","required":true,"sensitive":true},"user":{"type":"string","description":"itop username","description_kind":"plain","required":true}},"description_kind":"plain"}},"resource_schemas":{"itop_virtual_machine":{"version":0,"block":{"attributes":{"backup":{"type":"bool","description":"Backup state","description_kind":"plain","optional":true},"backup_id":{"type":"string","description":"Backup ID","description_kind":"plain","optional":true},"cluster_id":{"type":"string","description":"Cluster ID","description_kind":"plain","optional":true},"description":{"type":"string","description":"Description","description_kind":"plain","optional":true},"env_id":{"type":"string","description":"Environment ID","description_kind":"plain","required":true},"exploitationservice_id":{"type":"string","description":"Exploitation Service ID","description_kind":"plain","optional":true},"id":{"type":"string","description_kind":"plain","optional":true,"computed":true},"name":{"type":"string","description":"Virtual Machine name","description_kind":"plain","required":true},"org_id":{"type":"string","description":"Organization ID","description_kind":"plain","required":true}},"description_kind":"plain"}}},"data_source_schemas":{"itop_backup":{"version":0,"block":{"attributes":{"id":{"type":"string","description_kind":"plain","optional":true,"computed":true},"name":{"type":"string","description":"Backup link name","description_kind":"plain","required":true}},"description_kind":"plain"}},"itop_cluster":{"version":0,"block":{"attributes":{"id":{"type":"string","description_kind":"plain","optional":true,"computed":true},"name":{"type":"string","description":"Cluster name","description_kind":"plain","required":true}},"description_kind":"plain"}},"itop_environment":{"version":0,"block":{"attributes":{"id":{"type":"string","description_kind":"plain","optional":true,"computed":true},"name":{"type":"string","description":"Environment name","description_kind":"plain","required":true}},"description_kind":"plain"}},"itop_exploitationservice":{"version":0,"block":{"attributes":{"id":{"type":"string","description_kind":"plain","optional":true,"computed":true},"name":{"type":"string","description":"Exploitation Service name","description_kind":"plain","required":true}},"description_kind":"plain"}},"itop_organization":{"version":0,"block":{"attributes":{"id":{"type":"string","description_kind":"plain","optional":true,"computed":true},"name":{"type":"string","description":"Organization name","description_kind":"plain","required":true}},"description_kind":"plain"}}}}}}
