{"format_version":"0.2","provider_schemas":{"registry.terraform.io/ouest-france/phpipam":{"provider":{"version":0,"block":{"attributes":{"app_id":{"type":"string","description":"The application ID required for API requests","description_kind":"plain","optional":true},"endpoint":{"type":"string","description":"The full URL (plus path) to the API endpoint","description_kind":"plain","optional":true},"insecure":{"type":"bool","description":"Whether server should be accessed without verifying the TLS certificate.","description_kind":"plain","optional":true},"password":{"type":"string","description":"The password of the PHPIPAM account","description_kind":"plain","optional":true},"username":{"type":"string","description":"The username of the PHPIPAM account","description_kind":"plain","optional":true}},"description_kind":"plain"}},"resource_schemas":{"phpipam_address":{"version":0,"block":{"attributes":{"address_id":{"type":"number","description_kind":"plain","computed":true},"custom_fields":{"type":["map","string"],"description_kind":"plain","optional":true},"description":{"type":"string","description_kind":"plain","optional":true,"computed":true},"device_id":{"type":"number","description_kind":"plain","optional":true,"computed":true},"edit_date":{"type":"string","description_kind":"plain","computed":true},"exclude_ping":{"type":"bool","description_kind":"plain","optional":true,"computed":true},"hostname":{"type":"string","description_kind":"plain","optional":true,"computed":true},"id":{"type":"string","description_kind":"plain","optional":true,"computed":true},"ip_address":{"type":"string","description_kind":"plain","optional":true,"computed":true},"is_gateway":{"type":"bool","description_kind":"plain","optional":true,"computed":true},"last_seen":{"type":"string","description_kind":"plain","computed":true},"mac_address":{"type":"string","description_kind":"plain","optional":true,"computed":true},"note":{"type":"string","description_kind":"plain","optional":true,"computed":true},"owner":{"type":"string","description_kind":"plain","optional":true,"computed":true},"ptr_record_id":{"type":"number","description_kind":"plain","optional":true,"computed":true},"remove_dns_on_delete":{"type":"bool","description_kind":"plain","optional":true},"skip_ptr_record":{"type":"bool","description_kind":"plain","optional":true,"computed":true},"state_tag_id":{"type":"number","description_kind":"plain","optional":true,"computed":true},"subnet_id":{"type":"number","description_kind":"plain","required":true},"switch_port_label":{"type":"string","description_kind":"plain","optional":true,"computed":true}},"description_kind":"plain"}},"phpipam_section":{"version":0,"block":{"attributes":{"description":{"type":"string","description_kind":"plain","optional":true,"computed":true},"display_order":{"type":"number","description_kind":"plain","optional":true,"computed":true},"dns_resolver_id":{"type":"number","description_kind":"plain","optional":true,"computed":true},"edit_date":{"type":"string","description_kind":"plain","computed":true},"id":{"type":"string","description_kind":"plain","optional":true,"computed":true},"master_section_id":{"type":"number","description_kind":"plain","optional":true,"computed":true},"name":{"type":"string","description_kind":"plain","required":true},"permissions":{"type":"string","description_kind":"plain","computed":true},"section_id":{"type":"number","description_kind":"plain","computed":true},"show_supernet_only":{"type":"bool","description_kind":"plain","optional":true,"computed":true},"show_vlan_in_subnet_listing":{"type":"bool","description_kind":"plain","optional":true,"computed":true},"show_vrf_in_subnet_listing":{"type":"bool","description_kind":"plain","optional":true,"computed":true},"strict_mode":{"type":"bool","description_kind":"plain","optional":true,"computed":true},"subnet_ordering":{"type":"string","description_kind":"plain","optional":true,"computed":true}},"description_kind":"plain"}},"phpipam_subnet":{"version":0,"block":{"attributes":{"allow_ip_requests":{"type":"bool","description_kind":"plain","optional":true,"computed":true},"create_ptr_records":{"type":"bool","description_kind":"plain","optional":true,"computed":true},"custom_fields":{"type":["map","string"],"description_kind":"plain","optional":true},"description":{"type":"string","description_kind":"plain","optional":true,"computed":true},"display_hostnames":{"type":"bool","description_kind":"plain","optional":true,"computed":true},"edit_date":{"type":"string","description_kind":"plain","computed":true},"host_discovery_enabled":{"type":"bool","description_kind":"plain","computed":true},"id":{"type":"string","description_kind":"plain","optional":true,"computed":true},"include_in_ping":{"type":"bool","description_kind":"plain","optional":true,"computed":true},"is_folder":{"type":"bool","description_kind":"plain","computed":true},"is_full":{"type":"bool","description_kind":"plain","optional":true,"computed":true},"linked_subnet_id":{"type":"number","description_kind":"plain","optional":true,"computed":true},"location_id":{"type":"number","description_kind":"plain","computed":true},"master_subnet_id":{"type":"number","description_kind":"plain","optional":true,"computed":true},"nameserver_id":{"type":"number","description_kind":"plain","optional":true,"computed":true},"permissions":{"type":"string","description_kind":"plain","computed":true},"scan_agent_id":{"type":"number","description_kind":"plain","optional":true,"computed":true},"section_id":{"type":"number","description_kind":"plain","required":true},"show_name":{"type":"bool","description_kind":"plain","optional":true,"computed":true},"subnet_address":{"type":"string","description_kind":"plain","required":true},"subnet_id":{"type":"number","description_kind":"plain","computed":true},"subnet_mask":{"type":"number","description_kind":"plain","required":true},"utilization_threshold":{"type":"number","description_kind":"plain","optional":true,"computed":true},"vlan_id":{"type":"number","description_kind":"plain","optional":true,"computed":true},"vrf_id":{"type":"number","description_kind":"plain","optional":true,"computed":true}},"description_kind":"plain"}},"phpipam_vlan":{"version":0,"block":{"attributes":{"custom_fields":{"type":["map","string"],"description_kind":"plain","optional":true},"description":{"type":"string","description_kind":"plain","optional":true,"computed":true},"edit_date":{"type":"string","description_kind":"plain","computed":true},"id":{"type":"string","description_kind":"plain","optional":true,"computed":true},"l2_domain_id":{"type":"number","description_kind":"plain","optional":true,"computed":true},"name":{"type":"string","description_kind":"plain","required":true},"number":{"type":"number","description_kind":"plain","required":true},"vlan_id":{"type":"number","description_kind":"plain","computed":true}},"description_kind":"plain"}}},"data_source_schemas":{"phpipam_address":{"version":0,"block":{"attributes":{"address_id":{"type":"number","description_kind":"plain","optional":true,"computed":true},"custom_field_filter":{"type":["map","string"],"description_kind":"plain","optional":true},"custom_fields":{"type":["map","string"],"description_kind":"plain","computed":true},"description":{"type":"string","description_kind":"plain","optional":true,"computed":true},"device_id":{"type":"number","description_kind":"plain","computed":true},"edit_date":{"type":"string","description_kind":"plain","computed":true},"exclude_ping":{"type":"bool","description_kind":"plain","computed":true},"hostname":{"type":"string","description_kind":"plain","optional":true,"computed":true},"id":{"type":"string","description_kind":"plain","optional":true,"computed":true},"ip_address":{"type":"string","description_kind":"plain","optional":true,"computed":true},"is_gateway":{"type":"bool","description_kind":"plain","computed":true},"last_seen":{"type":"string","description_kind":"plain","computed":true},"mac_address":{"type":"string","description_kind":"plain","computed":true},"note":{"type":"string","description_kind":"plain","computed":true},"owner":{"type":"string","description_kind":"plain","computed":true},"ptr_record_id":{"type":"number","description_kind":"plain","computed":true},"skip_ptr_record":{"type":"bool","description_kind":"plain","computed":true},"state_tag_id":{"type":"number","description_kind":"plain","computed":true},"subnet_id":{"type":"number","description_kind":"plain","optional":true,"computed":true},"switch_port_label":{"type":"string","description_kind":"plain","computed":true}},"description_kind":"plain"}},"phpipam_addresses":{"version":0,"block":{"attributes":{"address_ids":{"type":["list","number"],"description_kind":"plain","computed":true},"custom_field_filter":{"type":["map","string"],"description_kind":"plain","optional":true},"description":{"type":"string","description_kind":"plain","optional":true},"hostname":{"type":"string","description_kind":"plain","optional":true},"id":{"type":"string","description_kind":"plain","optional":true,"computed":true},"subnet_id":{"type":"number","description_kind":"plain","required":true}},"description_kind":"plain"}},"phpipam_first_free_address":{"version":0,"block":{"attributes":{"id":{"type":"string","description_kind":"plain","optional":true,"computed":true},"ip_address":{"type":"string","description_kind":"plain","computed":true},"subnet_id":{"type":"number","description_kind":"plain","required":true}},"description_kind":"plain"}},"phpipam_section":{"version":0,"block":{"attributes":{"description":{"type":"string","description_kind":"plain","computed":true},"display_order":{"type":"number","description_kind":"plain","computed":true},"dns_resolver_id":{"type":"number","description_kind":"plain","computed":true},"edit_date":{"type":"string","description_kind":"plain","computed":true},"id":{"type":"string","description_kind":"plain","optional":true,"computed":true},"master_section_id":{"type":"number","description_kind":"plain","computed":true},"name":{"type":"string","description_kind":"plain","optional":true,"computed":true},"permissions":{"type":"string","description_kind":"plain","computed":true},"section_id":{"type":"number","description_kind":"plain","optional":true,"computed":true},"show_supernet_only":{"type":"bool","description_kind":"plain","computed":true},"show_vlan_in_subnet_listing":{"type":"bool","description_kind":"plain","computed":true},"show_vrf_in_subnet_listing":{"type":"bool","description_kind":"plain","computed":true},"strict_mode":{"type":"bool","description_kind":"plain","computed":true},"subnet_ordering":{"type":"string","description_kind":"plain","computed":true}},"description_kind":"plain"}},"phpipam_subnet":{"version":0,"block":{"attributes":{"allow_ip_requests":{"type":"bool","description_kind":"plain","computed":true},"create_ptr_records":{"type":"bool","description_kind":"plain","computed":true},"custom_field_filter":{"type":["map","string"],"description_kind":"plain","optional":true},"custom_fields":{"type":["map","string"],"description_kind":"plain","computed":true},"description":{"type":"string","description_kind":"plain","optional":true,"computed":true},"description_match":{"type":"string","description_kind":"plain","optional":true},"display_hostnames":{"type":"bool","description_kind":"plain","computed":true},"edit_date":{"type":"string","description_kind":"plain","computed":true},"host_discovery_enabled":{"type":"bool","description_kind":"plain","computed":true},"id":{"type":"string","description_kind":"plain","optional":true,"computed":true},"include_in_ping":{"type":"bool","description_kind":"plain","computed":true},"is_folder":{"type":"bool","description_kind":"plain","computed":true},"is_full":{"type":"bool","description_kind":"plain","computed":true},"linked_subnet_id":{"type":"number","description_kind":"plain","computed":true},"location_id":{"type":"number","description_kind":"plain","computed":true},"master_subnet_id":{"type":"number","description_kind":"plain","computed":true},"nameserver_id":{"type":"number","description_kind":"plain","computed":true},"permissions":{"type":"string","description_kind":"plain","computed":true},"scan_agent_id":{"type":"number","description_kind":"plain","computed":true},"section_id":{"type":"number","description_kind":"plain","optional":true,"computed":true},"show_name":{"type":"bool","description_kind":"plain","computed":true},"subnet_address":{"type":"string","description_kind":"plain","optional":true,"computed":true},"subnet_id":{"type":"number","description_kind":"plain","optional":true,"computed":true},"subnet_mask":{"type":"number","description_kind":"plain","optional":true,"computed":true},"utilization_threshold":{"type":"number","description_kind":"plain","computed":true},"vlan_id":{"type":"number","description_kind":"plain","computed":true},"vrf_id":{"type":"number","description_kind":"plain","computed":true}},"description_kind":"plain"}},"phpipam_subnets":{"version":0,"block":{"attributes":{"custom_field_filter":{"type":["map","string"],"description_kind":"plain","optional":true},"description":{"type":"string","description_kind":"plain","optional":true},"description_match":{"type":"string","description_kind":"plain","optional":true},"id":{"type":"string","description_kind":"plain","optional":true,"computed":true},"section_id":{"type":"number","description_kind":"plain","required":true},"subnet_ids":{"type":["list","number"],"description_kind":"plain","computed":true}},"description_kind":"plain"}},"phpipam_vlan":{"version":0,"block":{"attributes":{"custom_fields":{"type":["map","string"],"description_kind":"plain","computed":true},"description":{"type":"string","description_kind":"plain","computed":true},"edit_date":{"type":"string","description_kind":"plain","computed":true},"id":{"type":"string","description_kind":"plain","optional":true,"computed":true},"l2_domain_id":{"type":"number","description_kind":"plain","computed":true},"name":{"type":"string","description_kind":"plain","computed":true},"number":{"type":"number","description_kind":"plain","optional":true,"computed":true},"vlan_id":{"type":"number","description_kind":"plain","optional":true,"computed":true}},"description_kind":"plain"}}}}}}
