{"format_version":"0.2","provider_schemas":{"registry.terraform.io/overmike/jenkins":{"provider":{"version":0,"block":{"attributes":{"ca_cert":{"type":"string","description":"The path to the Jenkins self-signed certificate.","description_kind":"plain","optional":true},"password":{"type":"string","description":"Password to authenticate to Jenkins.","description_kind":"plain","required":true},"server_url":{"type":"string","description":"The URL of the Jenkins server to connect to.","description_kind":"plain","required":true},"username":{"type":"string","description":"Username to authenticate to Jenkins.","description_kind":"plain","required":true}},"description_kind":"plain"}},"resource_schemas":{"jenkins_credential_username":{"version":0,"block":{"attributes":{"description":{"type":"string","description":"The credentials descriptive text.","description_kind":"plain","optional":true},"domain":{"type":"string","description":"The domain namespace that the credentials will be added to.","description_kind":"plain","optional":true},"folder":{"type":"string","description":"The folder namespace that the credentials will be added to.","description_kind":"plain","optional":true},"id":{"type":"string","description_kind":"plain","optional":true,"computed":true},"name":{"type":"string","description":"The identifier assigned to the credentials.","description_kind":"plain","required":true},"password":{"type":"string","description":"The credentials user password. If left empty will be unmanaged.","description_kind":"plain","optional":true,"sensitive":true},"scope":{"type":"string","description":"The Jenkins scope assigned to the credentials.","description_kind":"plain","optional":true},"username":{"type":"string","description":"The credentials user username.","description_kind":"plain","required":true}},"description_kind":"plain"}},"jenkins_folder":{"version":0,"block":{"attributes":{"description":{"type":"string","description":"The description of this folder's purpose.","description_kind":"plain","optional":true},"id":{"type":"string","description_kind":"plain","optional":true,"computed":true},"name":{"type":"string","description":"The unique name of the JenkinsCI folder. Subfolders may be specified as foldername/name.","description_kind":"plain","required":true},"permissions":{"type":["set","string"],"description":"The Jenkins permissions sets that provide additional access to this folder.","description_kind":"plain","optional":true},"template":{"type":"string","description":"The configuration file template, used to communicate with Jenkins.","description_kind":"plain","optional":true}},"description_kind":"plain"}},"jenkins_job":{"version":0,"block":{"attributes":{"id":{"type":"string","description_kind":"plain","optional":true,"computed":true},"name":{"type":"string","description":"The unique name of the JenkinsCI job. Folders may be specified as foldername/name.","description_kind":"plain","required":true},"parameters":{"type":["map","string"],"description":"The set of parameters to be rendered in the template when generating a valid config.xml file.","description_kind":"plain","optional":true},"template":{"type":"string","description":"The configuration file template, used to communicate with Jenkins.","description_kind":"plain","required":true}},"description_kind":"plain"}}}}}}
