{"format_version":"0.2","provider_schemas":{"registry.terraform.io/pablovarela/slack":{"provider":{"version":0,"block":{"attributes":{"token":{"type":"string","description":"The Slack token","description_kind":"plain","required":true}},"description_kind":"plain"}},"resource_schemas":{"slack_conversation":{"version":0,"block":{"attributes":{"created":{"type":"number","description_kind":"plain","computed":true},"creator":{"type":"string","description_kind":"plain","computed":true},"id":{"type":"string","description_kind":"plain","optional":true,"computed":true},"is_archived":{"type":"bool","description_kind":"plain","optional":true},"is_ext_shared":{"type":"bool","description_kind":"plain","computed":true},"is_general":{"type":"bool","description_kind":"plain","computed":true},"is_org_shared":{"type":"bool","description_kind":"plain","computed":true},"is_private":{"type":"bool","description_kind":"plain","required":true},"is_shared":{"type":"bool","description_kind":"plain","computed":true},"name":{"type":"string","description_kind":"plain","required":true},"permanent_members":{"type":["set","string"],"description_kind":"plain","optional":true},"purpose":{"type":"string","description_kind":"plain","optional":true},"topic":{"type":"string","description_kind":"plain","optional":true}},"description_kind":"plain"}},"slack_usergroup":{"version":0,"block":{"attributes":{"channels":{"type":["set","string"],"description_kind":"plain","optional":true},"description":{"type":"string","description_kind":"plain","optional":true},"handle":{"type":"string","description_kind":"plain","optional":true},"id":{"type":"string","description_kind":"plain","optional":true,"computed":true},"name":{"type":"string","description_kind":"plain","required":true},"users":{"type":["set","string"],"description_kind":"plain","optional":true}},"description_kind":"plain"}}},"data_source_schemas":{"slack_conversation":{"version":0,"block":{"attributes":{"channel_id":{"type":"string","description_kind":"plain","required":true},"created":{"type":"number","description_kind":"plain","computed":true},"creator":{"type":"string","description_kind":"plain","computed":true},"id":{"type":"string","description_kind":"plain","optional":true,"computed":true},"is_archived":{"type":"bool","description_kind":"plain","computed":true},"is_ext_shared":{"type":"bool","description_kind":"plain","computed":true},"is_general":{"type":"bool","description_kind":"plain","computed":true},"is_org_shared":{"type":"bool","description_kind":"plain","computed":true},"is_private":{"type":"bool","description_kind":"plain","computed":true},"is_shared":{"type":"bool","description_kind":"plain","computed":true},"name":{"type":"string","description_kind":"plain","computed":true},"purpose":{"type":"string","description_kind":"plain","computed":true},"topic":{"type":"string","description_kind":"plain","computed":true}},"description_kind":"plain"}},"slack_user":{"version":0,"block":{"attributes":{"email":{"type":"string","description_kind":"plain","optional":true},"id":{"type":"string","description_kind":"plain","optional":true,"computed":true},"name":{"type":"string","description_kind":"plain","optional":true}},"description_kind":"plain"}},"slack_usergroup":{"version":0,"block":{"attributes":{"channels":{"type":["set","string"],"description_kind":"plain","computed":true},"description":{"type":"string","description_kind":"plain","computed":true},"handle":{"type":"string","description_kind":"plain","computed":true},"id":{"type":"string","description_kind":"plain","optional":true,"computed":true},"name":{"type":"string","description_kind":"plain","optional":true},"usergroup_id":{"type":"string","description_kind":"plain","optional":true},"users":{"type":["set","string"],"description_kind":"plain","computed":true}},"description_kind":"plain"}}}}}}
