{"format_version":"0.2","provider_schemas":{"registry.terraform.io/pactflow/pact":{"provider":{"version":0,"block":{"attributes":{"access_token":{"type":"string","description":"An API Bearer token to authenticate to a Pactflow account (for Pactflow users only)","description_kind":"plain","optional":true},"basic_auth_password":{"type":"string","description":"A basic auth password to authenticate to a Pact Broker (not required for Pactflow users)","description_kind":"plain","optional":true},"basic_auth_username":{"type":"string","description":"A basic auth username to authenticate to a Pact Broker (not required for Pactflow users)","description_kind":"plain","optional":true},"host":{"type":"string","description":"A fully qualified hostname (e.g. for a Pactflow account https://mybroker.pact.dius.com.au","description_kind":"plain","required":true},"tls_insecure":{"type":"bool","description":"Disable TLS verification checks for privately hosted brokers","description_kind":"plain","optional":true}},"description_kind":"plain"}},"resource_schemas":{"pact_application":{"version":0,"block":{"attributes":{"id":{"type":"string","description_kind":"plain","optional":true,"computed":true},"name":{"type":"string","description":"Name of the Pacticipant","description_kind":"plain","required":true},"repository_url":{"type":"string","description":"URL or location of the VCS repository","description_kind":"plain","optional":true}},"description_kind":"plain"}},"pact_authentication":{"version":0,"block":{"attributes":{"github_organizations":{"type":["list","string"],"description":"The list of Github organisations allowed access to the account","description_kind":"plain","optional":true},"google_domains":{"type":["list","string"],"description":"The list of Google organisation domains allowed access to the account","description_kind":"plain","optional":true},"id":{"type":"string","description_kind":"plain","optional":true,"computed":true}},"description_kind":"plain"}},"pact_pacticipant":{"version":0,"block":{"attributes":{"id":{"type":"string","description_kind":"plain","optional":true,"computed":true},"name":{"type":"string","description":"Name of the Pacticipant","description_kind":"plain","required":true},"repository_url":{"type":"string","description":"URL or location of the VCS repository","description_kind":"plain","optional":true}},"description_kind":"plain"}},"pact_role":{"version":0,"block":{"attributes":{"id":{"type":"string","description_kind":"plain","optional":true,"computed":true},"name":{"type":"string","description":"Name of the Role","description_kind":"plain","required":true},"scopes":{"type":["list","string"],"description":"The pre-defined scope to add to the role","description_kind":"plain","required":true},"uuid":{"type":"string","description":"Name of the Role","description_kind":"plain","computed":true}},"description_kind":"plain"}},"pact_role_v1":{"version":0,"block":{"attributes":{"id":{"type":"string","description_kind":"plain","optional":true,"computed":true},"name":{"type":"string","description":"Name of the Role","description_kind":"plain","computed":true},"role":{"type":"string","description":"Role to apply to the user","description_kind":"plain","required":true},"user":{"type":"string","description":"UUID of the user of which to apply the role","description_kind":"plain","required":true},"uuid":{"type":"string","description":"The UUID of API token","description_kind":"plain","computed":true}},"description_kind":"plain"}},"pact_secret":{"version":0,"block":{"attributes":{"description":{"type":"string","description":"A longer description for the secret","description_kind":"plain","required":true},"id":{"type":"string","description_kind":"plain","optional":true,"computed":true},"name":{"type":"string","description":"A short name of the secret (alphanumeric characters only)","description_kind":"plain","required":true},"uuid":{"type":"string","description":"The UUID of secret","description_kind":"plain","computed":true},"value":{"type":"string","description":"The actual secret","description_kind":"plain","required":true,"sensitive":true}},"description_kind":"plain"}},"pact_team":{"version":0,"block":{"attributes":{"id":{"type":"string","description_kind":"plain","optional":true,"computed":true},"name":{"type":"string","description":"Name of the Team","description_kind":"plain","required":true},"pacticipants":{"type":["list","string"],"description_kind":"plain","optional":true},"users":{"type":["list","string"],"description_kind":"plain","optional":true},"uuid":{"type":"string","description":"The UUID of team","description_kind":"plain","computed":true}},"description_kind":"plain"}},"pact_token":{"version":0,"block":{"attributes":{"description":{"type":"string","description":"The description of the token as defined by the broker","description_kind":"plain","computed":true},"id":{"type":"string","description_kind":"plain","optional":true,"computed":true},"name":{"type":"string","description":"A short name for the token. Changing the name will generate a _new_ token each time, removing the existing token","description_kind":"plain","required":true},"type":{"type":"string","description":"The type of token to generate (valid values are 'read-only' and 'read-write'","description_kind":"plain","required":true},"uuid":{"type":"string","description":"The UUID of API token","description_kind":"plain","computed":true},"value":{"type":"string","description":"The actual API token","description_kind":"plain","computed":true,"sensitive":true}},"description_kind":"plain"}},"pact_user":{"version":0,"block":{"attributes":{"active":{"type":"bool","description":"Active status of the user","description_kind":"plain","optional":true},"email":{"type":"string","description":"Email address of the user","description_kind":"plain","required":true},"id":{"type":"string","description_kind":"plain","optional":true,"computed":true},"name":{"type":"string","description":"Name of the User","description_kind":"plain","required":true},"roles":{"type":["list","string"],"description":"A list of roles (as uuids) to apply to the user","description_kind":"plain","optional":true},"type":{"type":"string","description":"The type of user (regular/system)","description_kind":"plain","optional":true},"uuid":{"type":"string","description":"The UUID of user","description_kind":"plain","computed":true}},"description_kind":"plain"}},"pact_webhook":{"version":0,"block":{"attributes":{"description":{"type":"string","description_kind":"plain","optional":true},"enabled":{"type":"bool","description_kind":"plain","optional":true},"events":{"type":["list","string"],"description_kind":"plain","optional":true},"id":{"type":"string","description_kind":"plain","optional":true,"computed":true},"webhook_consumer":{"type":["map","string"],"description_kind":"plain","optional":true,"computed":true},"webhook_provider":{"type":["map","string"],"description_kind":"plain","optional":true,"computed":true}},"block_types":{"request":{"nesting_mode":"list","block":{"attributes":{"body":{"type":"string","description":"A request body to send with the request","description_kind":"plain","optional":true},"headers":{"type":["map","string"],"description":"Request headers to send with the request","description_kind":"plain","optional":true},"method":{"type":"string","description":"The HTTP method to use with the request","description_kind":"plain","required":true},"password":{"type":"string","description":"An optional (basic auth) password to send with the request","description_kind":"plain","optional":true,"sensitive":true},"url":{"type":"string","description":"A valid URL to send the webhook request to","description_kind":"plain","required":true},"username":{"type":"string","description":"An optional (basic auth) username to send with the request","description_kind":"plain","optional":true}},"description_kind":"plain"},"min_items":1,"max_items":1}},"description_kind":"plain"}}}}}}
