{"format_version":"0.2","provider_schemas":{"registry.terraform.io/paperspace/paperspace":{"provider":{"version":0,"block":{"attributes":{"api_host":{"type":"string","description_kind":"plain","optional":true},"api_key":{"type":"string","description_kind":"plain","optional":true},"region":{"type":"string","description_kind":"plain","optional":true}},"description_kind":"plain"}},"resource_schemas":{"paperspace_autoscaling_group":{"version":0,"block":{"attributes":{"cluster_id":{"type":"string","description_kind":"plain","required":true},"id":{"type":"string","description_kind":"plain","optional":true,"computed":true},"machine_type":{"type":"string","description_kind":"plain","required":true},"max":{"type":"number","description_kind":"plain","required":true},"min":{"type":"number","description_kind":"plain","required":true},"name":{"type":"string","description_kind":"plain","optional":true},"network_id":{"type":"string","description_kind":"plain","required":true},"startup_script_id":{"type":"string","description_kind":"plain","optional":true},"template_id":{"type":"string","description_kind":"plain","required":true}},"block_types":{"timeouts":{"nesting_mode":"single","block":{"attributes":{"create":{"type":"string","description_kind":"plain","optional":true},"delete":{"type":"string","description_kind":"plain","optional":true}},"description_kind":"plain"}}},"description_kind":"plain"}},"paperspace_machine":{"version":0,"block":{"attributes":{"agent_type":{"type":"string","description_kind":"plain","computed":true},"assign_public_ip":{"type":"bool","description_kind":"plain","optional":true},"auto_snapshot_frequency":{"type":"string","description_kind":"plain","computed":true},"auto_snapshot_save_count":{"type":"string","description_kind":"plain","computed":true},"billing_type":{"type":"string","description_kind":"plain","required":true},"cpus":{"type":"number","description_kind":"plain","computed":true},"dt_created":{"type":"string","description_kind":"plain","computed":true},"dt_last_run":{"type":"string","description_kind":"plain","computed":true},"email":{"type":"string","description_kind":"plain","optional":true},"firstname":{"type":"string","description_kind":"plain","optional":true},"gpu":{"type":"string","description_kind":"plain","computed":true},"id":{"type":"string","description_kind":"plain","optional":true,"computed":true},"is_managed":{"type":"bool","description_kind":"plain","optional":true},"lastname":{"type":"string","description_kind":"plain","optional":true},"live_forever":{"type":"bool","description_kind":"plain","optional":true},"machine_type":{"type":"string","description_kind":"plain","required":true},"name":{"type":"string","description_kind":"plain","required":true},"network_id":{"type":"string","description_kind":"plain","optional":true,"computed":true},"notification_email":{"type":"string","description_kind":"plain","optional":true},"os":{"type":"string","description_kind":"plain","computed":true},"password":{"type":"string","description_kind":"plain","optional":true},"perform_auto_snapshot":{"type":"bool","description_kind":"plain","computed":true},"private_ip_address":{"type":"string","description_kind":"plain","computed":true},"public_ip_address":{"type":"string","description_kind":"plain","computed":true},"ram":{"type":"string","description_kind":"plain","computed":true},"region":{"type":"string","description_kind":"plain","optional":true,"computed":true},"script_id":{"type":"string","description_kind":"plain","optional":true},"shutdown_timeout_forces":{"type":"bool","description_kind":"plain","computed":true},"shutdown_timeout_in_hours":{"type":"number","description_kind":"plain","optional":true},"size":{"type":"number","description_kind":"plain","required":true},"state":{"type":"string","description_kind":"plain","computed":true},"storage_total":{"type":"string","description_kind":"plain","computed":true},"storage_used":{"type":"string","description_kind":"plain","computed":true},"team_id":{"type":"string","description_kind":"plain","optional":true,"computed":true},"template_id":{"type":"string","description_kind":"plain","required":true},"usage_rate":{"type":"string","description_kind":"plain","computed":true},"user_id":{"type":"string","description_kind":"plain","optional":true,"computed":true}},"block_types":{"timeouts":{"nesting_mode":"single","block":{"attributes":{"create":{"type":"string","description_kind":"plain","optional":true},"delete":{"type":"string","description_kind":"plain","optional":true}},"description_kind":"plain"}}},"description_kind":"plain"}},"paperspace_network":{"version":0,"block":{"attributes":{"handle":{"type":"string","description_kind":"plain","computed":true},"id":{"type":"string","description_kind":"plain","optional":true,"computed":true},"is_taken":{"type":"bool","description_kind":"plain","computed":true},"name":{"type":"string","description_kind":"plain","computed":true},"netmask":{"type":"string","description_kind":"plain","computed":true},"network":{"type":"string","description_kind":"plain","computed":true},"team_id":{"type":"number","description_kind":"plain","required":true}},"block_types":{"timeouts":{"nesting_mode":"single","block":{"attributes":{"create":{"type":"string","description_kind":"plain","optional":true},"default":{"type":"string","description_kind":"plain","optional":true}},"description_kind":"plain"}}},"description_kind":"plain"}},"paperspace_script":{"version":0,"block":{"attributes":{"description":{"type":"string","description_kind":"plain","optional":true},"dt_created":{"type":"string","description_kind":"plain","computed":true},"id":{"type":"string","description_kind":"plain","optional":true,"computed":true},"is_enabled":{"type":"bool","description_kind":"plain","optional":true,"computed":true},"name":{"type":"string","description_kind":"plain","required":true},"owner_id":{"type":"string","description_kind":"plain","computed":true},"owner_type":{"type":"string","description_kind":"plain","computed":true},"run_once":{"type":"bool","description_kind":"plain","optional":true,"computed":true},"script_text":{"type":"string","description_kind":"plain","required":true}},"description_kind":"plain"}}},"data_source_schemas":{"paperspace_job_storage":{"version":0,"block":{"attributes":{"handle":{"type":"string","description_kind":"plain","optional":true},"id":{"type":"string","description_kind":"plain","optional":true,"computed":true},"region":{"type":"string","description_kind":"plain","optional":true},"team_id":{"type":"number","description_kind":"plain","required":true}},"description_kind":"plain"}},"paperspace_network":{"version":0,"block":{"attributes":{"dt_created":{"type":"string","description_kind":"plain","optional":true},"id":{"type":"string","description_kind":"plain","optional":true},"name":{"type":"string","description_kind":"plain","optional":true},"netmask":{"type":"string","description_kind":"plain","optional":true},"network":{"type":"string","description_kind":"plain","optional":true},"region":{"type":"string","description_kind":"plain","optional":true},"team_id":{"type":"string","description_kind":"plain","optional":true}},"description_kind":"plain"}},"paperspace_template":{"version":0,"block":{"attributes":{"dt_created":{"type":"string","description_kind":"plain","optional":true},"id":{"type":"string","description_kind":"plain","optional":true},"label":{"type":"string","description_kind":"plain","optional":true},"name":{"type":"string","description_kind":"plain","optional":true},"os":{"type":"string","description_kind":"plain","optional":true},"region":{"type":"string","description_kind":"plain","optional":true},"team_id":{"type":"string","description_kind":"plain","optional":true},"user_id":{"type":"string","description_kind":"plain","optional":true}},"description_kind":"plain"}},"paperspace_user":{"version":0,"block":{"attributes":{"dt_created":{"type":"string","description_kind":"plain","optional":true},"email":{"type":"string","description_kind":"plain","optional":true},"firstname":{"type":"string","description_kind":"plain","optional":true},"id":{"type":"string","description_kind":"plain","optional":true},"lastname":{"type":"string","description_kind":"plain","optional":true},"team_id":{"type":"string","description_kind":"plain","optional":true}},"description_kind":"plain"}}}}}}
