{"format_version":"0.2","provider_schemas":{"registry.terraform.io/paultyng/unifi":{"provider":{"version":0,"block":{"attributes":{"allow_insecure":{"type":"bool","description":"Skip verification of TLS certificates of API requests. You may need to set this to `true` if you are using your local API without setting up a signed certificate.","description_kind":"plain","optional":true},"api_url":{"type":"string","description":"URL of the controller API.","description_kind":"plain","optional":true},"password":{"type":"string","description_kind":"plain","optional":true},"site":{"type":"string","description_kind":"plain","optional":true},"username":{"type":"string","description_kind":"plain","optional":true}},"description_kind":"plain"}},"resource_schemas":{"unifi_firewall_group":{"version":0,"block":{"attributes":{"id":{"type":"string","description_kind":"plain","optional":true,"computed":true},"members":{"type":["set","string"],"description_kind":"plain","required":true},"name":{"type":"string","description_kind":"plain","required":true},"type":{"type":"string","description_kind":"plain","required":true}},"description":"\nunifi_firewall_group manages groups of addresses or ports for use in firewall rules (unifi_firewall_rule).\n","description_kind":"plain"}},"unifi_firewall_rule":{"version":0,"block":{"attributes":{"action":{"type":"string","description_kind":"plain","required":true},"dst_address":{"type":"string","description_kind":"plain","optional":true},"dst_firewall_group_ids":{"type":["set","string"],"description_kind":"plain","optional":true},"dst_network_id":{"type":"string","description_kind":"plain","optional":true},"dst_network_type":{"type":"string","description_kind":"plain","optional":true},"id":{"type":"string","description_kind":"plain","optional":true,"computed":true},"ip_sec":{"type":"string","description_kind":"plain","optional":true},"logging":{"type":"bool","description_kind":"plain","optional":true},"name":{"type":"string","description_kind":"plain","required":true},"protocol":{"type":"string","description_kind":"plain","required":true},"rule_index":{"type":"number","description_kind":"plain","required":true},"ruleset":{"type":"string","description_kind":"plain","required":true},"src_address":{"type":"string","description_kind":"plain","optional":true},"src_firewall_group_ids":{"type":["set","string"],"description_kind":"plain","optional":true},"src_mac":{"type":"string","description_kind":"plain","optional":true},"src_network_id":{"type":"string","description_kind":"plain","optional":true},"src_network_type":{"type":"string","description_kind":"plain","optional":true},"state_established":{"type":"bool","description_kind":"plain","optional":true},"state_invalid":{"type":"bool","description_kind":"plain","optional":true},"state_new":{"type":"bool","description_kind":"plain","optional":true},"state_related":{"type":"bool","description_kind":"plain","optional":true}},"description":"\nunifi_firewall_rule manages an individual firewall rule on the gateway.\n","description_kind":"plain"}},"unifi_network":{"version":0,"block":{"attributes":{"dhcp_dns":{"type":["list","string"],"description_kind":"plain","optional":true},"dhcp_enabled":{"type":"bool","description_kind":"plain","optional":true},"dhcp_lease":{"type":"number","description_kind":"plain","optional":true},"dhcp_start":{"type":"string","description_kind":"plain","optional":true},"dhcp_stop":{"type":"string","description_kind":"plain","optional":true},"domain_name":{"type":"string","description_kind":"plain","optional":true},"id":{"type":"string","description_kind":"plain","optional":true,"computed":true},"igmp_snooping":{"type":"bool","description_kind":"plain","optional":true},"name":{"type":"string","description_kind":"plain","required":true},"network_group":{"type":"string","description_kind":"plain","optional":true},"purpose":{"type":"string","description_kind":"plain","required":true},"subnet":{"type":"string","description_kind":"plain","optional":true},"vlan_id":{"type":"number","description_kind":"plain","optional":true}},"description":"\nunifi_network manages LAN/VLAN networks.\n","description_kind":"plain"}},"unifi_port_forward":{"version":0,"block":{"attributes":{"dst_port":{"type":"string","description_kind":"plain","optional":true},"enabled":{"type":"bool","description_kind":"plain","optional":true},"fwd_ip":{"type":"string","description_kind":"plain","optional":true},"fwd_port":{"type":"string","description_kind":"plain","optional":true},"id":{"type":"string","description_kind":"plain","optional":true,"computed":true},"log":{"type":"bool","description_kind":"plain","optional":true},"name":{"type":"string","description_kind":"plain","optional":true},"port_forward_interface":{"type":"string","description_kind":"plain","optional":true},"protocol":{"type":"string","description_kind":"plain","optional":true},"src_ip":{"type":"string","description_kind":"plain","optional":true}},"description":"\nunifi_port_forward manages a port forwarding rule on the gateway.\n","description_kind":"plain"}},"unifi_user":{"version":0,"block":{"attributes":{"allow_existing":{"type":"bool","description_kind":"plain","optional":true},"blocked":{"type":"bool","description_kind":"plain","optional":true},"fixed_ip":{"type":"string","description_kind":"plain","optional":true},"hostname":{"type":"string","description_kind":"plain","computed":true},"id":{"type":"string","description_kind":"plain","optional":true,"computed":true},"ip":{"type":"string","description_kind":"plain","computed":true},"mac":{"type":"string","description_kind":"plain","required":true},"name":{"type":"string","description_kind":"plain","required":true},"network_id":{"type":"string","description_kind":"plain","optional":true},"note":{"type":"string","description_kind":"plain","optional":true},"skip_forget_on_destroy":{"type":"bool","description_kind":"plain","optional":true},"user_group_id":{"type":"string","description_kind":"plain","optional":true}},"description":"\nunifi_user manages a user (or \"client\" in the UI) of the network, these are identified\nby unique MAC addresses.\n\nUsers are \"created\" in the controller when observed on the network, so the resource defaults to allowing\nitself to just take over management of a MAC address, but this can be turned off.\n","description_kind":"plain"}},"unifi_user_group":{"version":0,"block":{"attributes":{"id":{"type":"string","description_kind":"plain","optional":true,"computed":true},"name":{"type":"string","description_kind":"plain","required":true},"qos_rate_max_down":{"type":"number","description_kind":"plain","optional":true},"qos_rate_max_up":{"type":"number","description_kind":"plain","optional":true}},"description":"\nunifi_user_group manages a user group (called \"client group\" in the UI), which can be used\nto limit bandwidth for groups of users.\n","description_kind":"plain"}},"unifi_wlan":{"version":0,"block":{"attributes":{"hide_ssid":{"type":"bool","description":"Indicates whether or not to hide the SSID from broadcast.","description_kind":"plain","optional":true},"id":{"type":"string","description_kind":"plain","optional":true,"computed":true},"is_guest":{"type":"bool","description":"Indicates that this is a guest WLAN and should use guest behaviors.","description_kind":"plain","optional":true},"mac_filter_enabled":{"type":"bool","description":"Indicates whether or not the MAC filter is turned of for the network.","description_kind":"plain","optional":true},"mac_filter_list":{"type":["set","string"],"description":"List of MAC addresses to filter (only valid if `mac_filter_enabled` is `true`).","description_kind":"plain","optional":true},"mac_filter_policy":{"type":"string","description":"MAC address filter policy (only valid if `mac_filter_enabled` is `true`).","description_kind":"plain","optional":true},"multicast_enhance":{"type":"bool","description":"Indicates whether or not Multicast Enhance is turned of for the network.","description_kind":"plain","optional":true},"name":{"type":"string","description":"The SSID of the network.","description_kind":"plain","required":true},"passphrase":{"type":"string","description":"The passphrase for the network, this is only required if `security` is not set to `open`.","description_kind":"plain","optional":true,"sensitive":true},"security":{"type":"string","description":"The type of WiFi security for this network. Valid values are: `wpapsk`, `wpaeap`, and `open`.","description_kind":"plain","required":true},"user_group_id":{"type":"string","description":"ID of the user group to use for this network.","description_kind":"plain","required":true},"vlan_id":{"type":"number","description":"VLAN ID for the network, defaults to `1`.","description_kind":"plain","optional":true},"wlan_group_id":{"type":"string","description":"ID of the WLAN group to use for this network.","description_kind":"plain","required":true}},"block_types":{"schedule":{"nesting_mode":"list","block":{"attributes":{"block_end":{"type":"string","description":"Time of day to end the block.","description_kind":"plain","required":true},"block_start":{"type":"string","description":"Time of day to start the block.","description_kind":"plain","required":true},"day_of_week":{"type":"string","description":"Day of week for the block. Valid values are `sun`, `mon`, `tue`, `wed`, `thu`, `fri`, `sat`.","description_kind":"plain","required":true}},"description":"Start and stop schedules for the WLAN","description_kind":"plain"}}},"description":"\nunifi_wlan manages a WiFi network / SSID.\n","description_kind":"plain"}}},"data_source_schemas":{"unifi_user_group":{"version":0,"block":{"attributes":{"id":{"type":"string","description_kind":"plain","optional":true,"computed":true},"name":{"type":"string","description_kind":"plain","optional":true},"qos_rate_max_down":{"type":"number","description_kind":"plain","computed":true},"qos_rate_max_up":{"type":"number","description_kind":"plain","computed":true}},"description":"\nunifi_user_group data source can be used to retrieve the ID for a user group by name.\n","description_kind":"plain"}},"unifi_wlan_group":{"version":0,"block":{"attributes":{"id":{"type":"string","description_kind":"plain","optional":true,"computed":true},"name":{"type":"string","description_kind":"plain","optional":true}},"description":"\nunifi_wlan_group data source can be used to retrieve the ID for a WLAN group by name.\n","description_kind":"plain"}}}}}}
