{"format_version":"0.2","provider_schemas":{"registry.terraform.io/paultyng/sql":{"provider":{"version":0,"block":{"attributes":{"max_idle_conns":{"type":"number","description":"Sets the maximum number of connections in the idle connection pool. Default is `2`. See Go's documentation on [DB.SetMaxIdleConns](https://golang.org/pkg/database/sql/#DB.SetMaxIdleConns).","description_kind":"markdown","optional":true},"max_open_conns":{"type":"number","description":"Sets the maximum number of open connections to the database. Default is `0` (unlimited). See Go's documentation on [DB.SetMaxOpenConns](https://golang.org/pkg/database/sql/#DB.SetMaxOpenConns).","description_kind":"markdown","optional":true},"url":{"type":"string","description":"Database connection strings are specified via URLs. The URL format is driver dependent but generally has the form: `dbdriver://username:password@host:port/dbname?param1=true\u0026param2=false`. You can optionally set the `SQL_URL` environment variable instead.","description_kind":"markdown","optional":true,"computed":true}},"description_kind":"plain"}},"resource_schemas":{"sql_migrate":{"version":0,"block":{"attributes":{"complete_migrations":{"type":["list",["object",{"down":"string","id":"string","up":"string"}]],"description":"The completed migrations that have been run against your database. This list is used as storage to migrate down or as a trigger for downstream dependencies.","description_kind":"markdown","computed":true},"id":{"type":"string","description":"This attribute is only present for some compatibility issues and should not be used. It will be removed in a future version.","description_kind":"markdown","deprecated":true,"computed":true}},"block_types":{"migration":{"nesting_mode":"list","block":{"attributes":{"down":{"type":"string","description":"The query to run when undoing this migration.","description_kind":"markdown","required":true},"id":{"type":"string","description":"Identifier can be any string to help identifying the migration in the source.","description_kind":"markdown","required":true},"up":{"type":"string","description":"The query to run when applying this migration.","description_kind":"markdown","required":true}},"description_kind":"plain"}}},"description_kind":"plain"}},"sql_migrate_directory":{"version":0,"block":{"attributes":{"complete_migrations":{"type":["list",["object",{"down":"string","id":"string","up":"string"}]],"description":"The completed migrations that have been run against your database. This list is used as storage to migrate down or as a trigger for downstream dependencies.","description_kind":"markdown","computed":true},"id":{"type":"string","description":"This attribute is only present for some compatibility issues and should not be used. It will be removed in a future version.","description_kind":"markdown","deprecated":true,"computed":true},"path":{"type":"string","description":"The path of the SQL migration files. For a path relative to the current module, use `path.module`.","description_kind":"markdown","required":true},"single_file_split":{"type":"string","description":"Set this to a value if your migration up and down are in a single file, split on some constant string (ie. in the case of [shmig](https://github.com/mbucc/shmig) you would use `-- ==== DOWN ====`).","description_kind":"markdown","optional":true}},"description_kind":"plain"}}},"data_source_schemas":{"sql_driver":{"version":0,"block":{"attributes":{"id":{"type":"string","description":"This attribute is only present for some compatibility issues and should not be used. It will be removed in a future version.","description_kind":"markdown","deprecated":true,"computed":true},"name":{"type":"string","description":"The name of the driver, currently this will be one of `pgx`, `mysql`, or `sqlserver`.","description_kind":"markdown","computed":true}},"description":"The `sql_driver` datasource allows you to determine which driver is in use by the provider. This is mostly useful for module development when you may communicate with multiple types of databases.","description_kind":"markdown"}},"sql_query":{"version":0,"block":{"attributes":{"id":{"type":"string","description":"This attribute is only present for some compatibility issues and should not be used. It will be removed in a future version.","description_kind":"markdown","deprecated":true,"computed":true},"query":{"type":"string","description":"The query to execute. The types in this query will be reflected in the typing of the `result` attribute.","description_kind":"markdown","required":true},"result":{"type":["list","dynamic"],"description":"The result of the query. This will be a list of objects. Each object will have attributes with names that match column names and types that match column types. The exact translation of types is dependent upon the database driver.","description_kind":"markdown","computed":true}},"description":"The `sql_query` datasource allows you to execute a SQL query against the database of your choice.","description_kind":"markdown"}}}}}}
