{"format_version":"0.2","provider_schemas":{"registry.terraform.io/paultyng/twitter":{"provider":{"version":0,"block":{"attributes":{"access_token":{"type":"string","description_kind":"plain","optional":true},"access_token_secret":{"type":"string","description_kind":"plain","optional":true},"consumer_api_key":{"type":"string","description_kind":"plain","optional":true},"consumer_api_secret":{"type":"string","description_kind":"plain","optional":true}},"description_kind":"plain"}},"resource_schemas":{"twitter_block":{"version":0,"block":{"attributes":{"id":{"type":"string","description_kind":"plain","optional":true,"computed":true},"screen_name":{"type":"string","description":"The screen name of the potentially blocked user.","description_kind":"plain","required":true}},"description_kind":"plain"}},"twitter_list":{"version":0,"block":{"attributes":{"description":{"type":"string","description":"The description to give the list.","description_kind":"plain","optional":true},"id":{"type":"string","description_kind":"plain","optional":true,"computed":true},"members":{"type":["set","string"],"description":"The screen names of the user for whom to return results.","description_kind":"plain","optional":true},"mode":{"type":"string","description":"Whether your list is public or private. Values can be `public` or `private`.","description_kind":"plain","optional":true},"name":{"type":"string","description":"The name for the list. A list's name must start with a letter and can consist only of 25 or fewer letters, numbers, \"-\", or \"_\" characters.","description_kind":"plain","required":true},"slug":{"type":"string","description_kind":"plain","computed":true},"uri":{"type":"string","description_kind":"plain","computed":true}},"description_kind":"plain"}},"twitter_mute":{"version":0,"block":{"attributes":{"id":{"type":"string","description_kind":"plain","optional":true,"computed":true},"screen_name":{"type":"string","description":"The screen name of the potentially muteed user.","description_kind":"plain","required":true}},"description_kind":"plain"}}}}}}
