{"format_version":"0.2","provider_schemas":{"registry.terraform.io/petelopez/octopusdeploy":{"provider":{"version":0,"block":{"attributes":{"address":{"type":"string","description":"The endpoint of the Octopus REST API","description_kind":"plain","required":true},"api_key":{"type":"string","description":"The API key to use with the Octopus REST API","description_kind":"plain","required":true},"space_id":{"type":"string","description":"The space ID to target","description_kind":"plain","optional":true},"space_name":{"type":"string","description":"The space name to target","description_kind":"plain","optional":true}},"description_kind":"plain"}},"resource_schemas":{"octopusdeploy_account":{"version":0,"block":{"attributes":{"access_key":{"type":"string","description":"The access key associated with this resource.","description_kind":"plain","optional":true},"account_type":{"type":"string","description":"Specifies the type of the account. Valid account types are `AmazonWebServicesAccount`, `AmazonWebServicesRoleAccount`, `AzureServicePrincipal`, `AzureSubscription`, `None`, `SshKeyPair`, `Token`, or `UsernamePassword`.","description_kind":"plain","required":true},"active_directory_endpoint_base_uri":{"type":"string","description_kind":"plain","optional":true},"application_id":{"type":"string","description":"The application ID of this resource.","description_kind":"plain","optional":true},"authentication_endpoint":{"type":"string","description":"The authentication endpoint URI for this resource.","description_kind":"plain","optional":true},"azure_environment":{"type":"string","description":"The Azure environment associated with this resource. Valid Azure environments are `AzureCloud`, `AzureChinaCloud`, `AzureGermanCloud`, or `AzureUSGovernment`.","description_kind":"plain","optional":true,"computed":true},"certificate_data":{"type":"string","description_kind":"plain","optional":true,"sensitive":true},"certificate_thumbprint":{"type":"string","description_kind":"plain","optional":true,"sensitive":true},"client_secret":{"type":"string","description_kind":"plain","optional":true,"sensitive":true},"description":{"type":"string","description":"The description of this resource.","description_kind":"plain","optional":true},"environments":{"type":["list","string"],"description":"A list of environment IDs associated with this resource.","description_kind":"plain","optional":true,"computed":true},"id":{"type":"string","description":"The unique ID for this resource.","description_kind":"plain","optional":true,"computed":true},"name":{"type":"string","description":"The name of this resource.","description_kind":"plain","required":true},"password":{"type":"string","description":"The password associated with this resource.","description_kind":"plain","optional":true,"sensitive":true},"private_key_file":{"type":"string","description_kind":"plain","optional":true,"sensitive":true},"private_key_passphrase":{"type":"string","description_kind":"plain","optional":true,"sensitive":true},"resource_manager_endpoint":{"type":"string","description":"The resource manager endpoint URI for this resource.","description_kind":"plain","optional":true},"secret_key":{"type":"string","description":"The secret key associated with this resource.","description_kind":"plain","optional":true,"sensitive":true},"service_management_endpoint_base_uri":{"type":"string","description_kind":"plain","optional":true},"service_management_endpoint_suffix":{"type":"string","description_kind":"plain","optional":true},"space_id":{"type":"string","description":"The space ID associated with this resource.","description_kind":"plain","optional":true,"computed":true},"subscription_id":{"type":"string","description":"The subscription ID of this resource.","description_kind":"plain","optional":true},"tenant_id":{"type":"string","description":"The tenant ID of this resource.","description_kind":"plain","optional":true},"tenant_tags":{"type":["list","string"],"description":"A list of tenant tags associated with this resource.","description_kind":"plain","optional":true,"computed":true},"tenanted_deployment_participation":{"type":"string","description":"The tenanted deployment mode of the resource. Valid account types are `Untenanted`, `TenantedOrUntenanted`, or `Tenanted`.","description_kind":"plain","optional":true},"tenants":{"type":["list","string"],"description":"A list of tenant IDs associated with this resource.","description_kind":"plain","optional":true},"token":{"type":"string","description":"The token of this resource.","description_kind":"plain","optional":true,"sensitive":true},"username":{"type":"string","description":"The username associated with this resource.","description_kind":"plain","optional":true,"sensitive":true}},"description":"This resource manages accounts in Octopus Deploy.","description_kind":"plain","deprecated":true}},"octopusdeploy_aws_account":{"version":0,"block":{"attributes":{"access_key":{"type":"string","description":"The access key associated with this AWS account.","description_kind":"plain","required":true},"description":{"type":"string","description":"A user-friendly description of this AWS account.","description_kind":"plain","optional":true},"environments":{"type":["list","string"],"description":"A list of environment IDs associated with this resource.","description_kind":"plain","optional":true,"computed":true},"id":{"type":"string","description_kind":"plain","optional":true,"computed":true},"name":{"type":"string","description":"The name of this AWS account.","description_kind":"plain","required":true},"secret_key":{"type":"string","description":"The secret key associated with this resource.","description_kind":"plain","required":true,"sensitive":true},"space_id":{"type":"string","description":"The space ID associated with this resource.","description_kind":"plain","optional":true,"computed":true},"tenant_tags":{"type":["list","string"],"description":"A list of tenant tags associated with this resource.","description_kind":"plain","optional":true,"computed":true},"tenanted_deployment_participation":{"type":"string","description":"The tenanted deployment mode of the resource. Valid account types are `Untenanted`, `TenantedOrUntenanted`, or `Tenanted`.","description_kind":"plain","optional":true},"tenants":{"type":["list","string"],"description":"A list of tenant IDs associated with this resource.","description_kind":"plain","optional":true}},"description":"This resource manages AWS accounts in Octopus Deploy.","description_kind":"plain"}},"octopusdeploy_azure_cloud_service_deployment_target":{"version":0,"block":{"attributes":{"account_id":{"type":"string","description_kind":"plain","required":true},"cloud_service_name":{"type":"string","description_kind":"plain","required":true},"default_worker_pool_id":{"type":"string","description_kind":"plain","optional":true},"environments":{"type":["list","string"],"description":"A list of environment IDs associated with this resource.","description_kind":"plain","required":true},"has_latest_calamari":{"type":"bool","description_kind":"plain","computed":true},"health_status":{"type":"string","description":"Represents the health status of this deployment target. Valid health statuses are `HasWarnings`, `Healthy`, `Unavailable`, `Unhealthy`, or `Unknown`.","description_kind":"plain","optional":true,"computed":true},"id":{"type":"string","description":"The unique ID for this resource.","description_kind":"plain","optional":true,"computed":true},"is_disabled":{"type":"bool","description_kind":"plain","optional":true,"computed":true},"is_in_process":{"type":"bool","description_kind":"plain","computed":true},"machine_policy_id":{"type":"string","description_kind":"plain","optional":true,"computed":true},"name":{"type":"string","description":"The name of this resource.","description_kind":"plain","required":true},"operating_system":{"type":"string","description_kind":"plain","optional":true,"computed":true},"roles":{"type":["list","string"],"description_kind":"plain","required":true},"shell_name":{"type":"string","description_kind":"plain","optional":true,"computed":true},"shell_version":{"type":"string","description_kind":"plain","optional":true,"computed":true},"slot":{"type":"string","description_kind":"plain","optional":true},"space_id":{"type":"string","description":"The space ID associated with this resource.","description_kind":"plain","optional":true,"computed":true},"status":{"type":"string","description":"The status of this resource. Valid statuses are `CalamariNeedsUpgrade`, `Disabled`, `NeedsUpgrade`, `Offline`, `Online`, or `Unknown`.","description_kind":"plain","optional":true,"computed":true},"status_summary":{"type":"string","description":"A summary elaborating on the status of this resource.","description_kind":"plain","optional":true,"computed":true},"storage_account_name":{"type":"string","description_kind":"plain","required":true},"swap_if_possible":{"type":"bool","description_kind":"plain","optional":true},"tenant_tags":{"type":["list","string"],"description":"A list of tenant tags associated with this resource.","description_kind":"plain","optional":true,"computed":true},"tenanted_deployment_participation":{"type":"string","description":"The tenanted deployment mode of the resource. Valid account types are `Untenanted`, `TenantedOrUntenanted`, or `Tenanted`.","description_kind":"plain","optional":true},"tenants":{"type":["list","string"],"description":"A list of tenant IDs associated with this resource.","description_kind":"plain","optional":true},"thumbprint":{"type":"string","description_kind":"plain","optional":true,"computed":true},"uri":{"type":"string","description_kind":"plain","optional":true,"computed":true},"use_current_instance_count":{"type":"bool","description_kind":"plain","optional":true}},"block_types":{"endpoint":{"nesting_mode":"list","block":{"attributes":{"aad_client_credential_secret":{"type":"string","description_kind":"plain","optional":true},"aad_credential_type":{"type":"string","description_kind":"plain","optional":true},"aad_user_credential_username":{"type":"string","description_kind":"plain","optional":true},"account_id":{"type":"string","description_kind":"plain","optional":true},"applications_directory":{"type":"string","description_kind":"plain","optional":true},"certificate_signature_algorithm":{"type":"string","description_kind":"plain","optional":true},"certificate_store_location":{"type":"string","description_kind":"plain","optional":true},"certificate_store_name":{"type":"string","description_kind":"plain","optional":true},"client_certificate_variable":{"type":"string","description_kind":"plain","optional":true},"cloud_service_name":{"type":"string","description_kind":"plain","optional":true},"cluster_certificate":{"type":"string","description_kind":"plain","optional":true},"cluster_url":{"type":"string","description_kind":"plain","optional":true},"communication_style":{"type":"string","description_kind":"plain","required":true},"connection_endpoint":{"type":"string","description_kind":"plain","optional":true},"default_worker_pool_id":{"type":"string","description_kind":"plain","optional":true},"dot_net_core_platform":{"type":"string","description_kind":"plain","optional":true},"fingerprint":{"type":"string","description_kind":"plain","optional":true},"host":{"type":"string","description_kind":"plain","optional":true},"id":{"type":"string","description":"The unique ID for this resource.","description_kind":"plain","optional":true,"computed":true},"namespace":{"type":"string","description_kind":"plain","optional":true},"port":{"type":"number","description_kind":"plain","optional":true},"proxy_id":{"type":"string","description_kind":"plain","optional":true},"resource_group_name":{"type":"string","description_kind":"plain","optional":true},"running_in_container":{"type":"bool","description_kind":"plain","optional":true},"security_mode":{"type":"string","description_kind":"plain","optional":true},"server_certificate_thumbprint":{"type":"string","description_kind":"plain","optional":true},"skip_tls_verification":{"type":"bool","description_kind":"plain","optional":true},"slot":{"type":"string","description_kind":"plain","optional":true},"storage_account_name":{"type":"string","description_kind":"plain","optional":true},"swap_if_possible":{"type":"bool","description_kind":"plain","optional":true},"thumbprint":{"type":"string","description_kind":"plain","optional":true},"uri":{"type":"string","description_kind":"plain","optional":true},"use_current_instance_count":{"type":"bool","description_kind":"plain","optional":true},"web_app_name":{"type":"string","description_kind":"plain","optional":true},"web_app_slot_name":{"type":"string","description_kind":"plain","optional":true},"working_directory":{"type":"string","description_kind":"plain","optional":true}},"block_types":{"authentication":{"nesting_mode":"set","block":{"attributes":{"account_id":{"type":"string","description_kind":"plain","optional":true},"admin_login":{"type":"string","description_kind":"plain","optional":true},"assume_role":{"type":"bool","description_kind":"plain","optional":true},"assume_role_external_id":{"type":"string","description_kind":"plain","optional":true},"assume_role_session_duration":{"type":"number","description_kind":"plain","optional":true},"assumed_role_arn":{"type":"string","description_kind":"plain","optional":true},"assumed_role_session":{"type":"string","description_kind":"plain","optional":true},"authentication_type":{"type":"string","description_kind":"plain","optional":true},"client_certificate":{"type":"string","description_kind":"plain","optional":true},"cluster_name":{"type":"string","description_kind":"plain","optional":true},"cluster_resource_group":{"type":"string","description_kind":"plain","optional":true},"use_instance_role":{"type":"bool","description_kind":"plain","optional":true}},"description_kind":"plain"},"max_items":1},"container":{"nesting_mode":"list","block":{"attributes":{"feed_id":{"type":"string","description_kind":"plain","optional":true},"image":{"type":"string","description_kind":"plain","optional":true}},"description_kind":"plain"}},"destination":{"nesting_mode":"list","block":{"attributes":{"destination_type":{"type":"string","description_kind":"plain","optional":true},"drop_folder_path":{"type":"string","description_kind":"plain","optional":true}},"description_kind":"plain"}},"tentacle_version_details":{"nesting_mode":"list","block":{"attributes":{"upgrade_locked":{"type":"bool","description_kind":"plain","optional":true,"computed":true},"upgrade_required":{"type":"bool","description_kind":"plain","optional":true,"computed":true},"upgrade_suggested":{"type":"bool","description_kind":"plain","optional":true,"computed":true},"version":{"type":"string","description_kind":"plain","optional":true,"computed":true}},"description_kind":"plain"}}},"description_kind":"plain"}}},"description":"This resource manages Azure cloud service deployment targets in Octopus Deploy.","description_kind":"plain"}},"octopusdeploy_azure_service_fabric_cluster_deployment_target":{"version":0,"block":{"attributes":{"aad_client_credential_secret":{"type":"string","description_kind":"plain","optional":true,"computed":true},"aad_credential_type":{"type":"string","description_kind":"plain","optional":true,"computed":true},"aad_user_credential_password":{"type":"string","description_kind":"plain","optional":true,"sensitive":true},"aad_user_credential_username":{"type":"string","description_kind":"plain","optional":true,"computed":true},"certificate_store_location":{"type":"string","description_kind":"plain","optional":true,"computed":true},"certificate_store_name":{"type":"string","description_kind":"plain","optional":true,"computed":true},"client_certificate_variable":{"type":"string","description_kind":"plain","optional":true,"computed":true},"connection_endpoint":{"type":"string","description_kind":"plain","required":true},"environments":{"type":["list","string"],"description":"A list of environment IDs associated with this resource.","description_kind":"plain","required":true},"has_latest_calamari":{"type":"bool","description_kind":"plain","computed":true},"health_status":{"type":"string","description":"Represents the health status of this deployment target. Valid health statuses are `HasWarnings`, `Healthy`, `Unavailable`, `Unhealthy`, or `Unknown`.","description_kind":"plain","optional":true,"computed":true},"id":{"type":"string","description":"The unique ID for this resource.","description_kind":"plain","optional":true,"computed":true},"is_disabled":{"type":"bool","description_kind":"plain","optional":true,"computed":true},"is_in_process":{"type":"bool","description_kind":"plain","computed":true},"machine_policy_id":{"type":"string","description_kind":"plain","optional":true,"computed":true},"name":{"type":"string","description":"The name of this resource.","description_kind":"plain","required":true},"operating_system":{"type":"string","description_kind":"plain","optional":true,"computed":true},"roles":{"type":["list","string"],"description_kind":"plain","required":true},"security_mode":{"type":"string","description_kind":"plain","optional":true,"computed":true},"server_certificate_thumbprint":{"type":"string","description_kind":"plain","optional":true,"computed":true},"shell_name":{"type":"string","description_kind":"plain","optional":true,"computed":true},"shell_version":{"type":"string","description_kind":"plain","optional":true,"computed":true},"space_id":{"type":"string","description":"The space ID associated with this resource.","description_kind":"plain","optional":true,"computed":true},"status":{"type":"string","description":"The status of this resource. Valid statuses are `CalamariNeedsUpgrade`, `Disabled`, `NeedsUpgrade`, `Offline`, `Online`, or `Unknown`.","description_kind":"plain","optional":true,"computed":true},"status_summary":{"type":"string","description":"A summary elaborating on the status of this resource.","description_kind":"plain","optional":true,"computed":true},"tenant_tags":{"type":["list","string"],"description":"A list of tenant tags associated with this resource.","description_kind":"plain","optional":true,"computed":true},"tenanted_deployment_participation":{"type":"string","description":"The tenanted deployment mode of the resource. Valid account types are `Untenanted`, `TenantedOrUntenanted`, or `Tenanted`.","description_kind":"plain","optional":true},"tenants":{"type":["list","string"],"description":"A list of tenant IDs associated with this resource.","description_kind":"plain","optional":true},"thumbprint":{"type":"string","description_kind":"plain","optional":true,"computed":true},"uri":{"type":"string","description_kind":"plain","optional":true,"computed":true}},"block_types":{"endpoint":{"nesting_mode":"list","block":{"attributes":{"aad_client_credential_secret":{"type":"string","description_kind":"plain","optional":true},"aad_credential_type":{"type":"string","description_kind":"plain","optional":true},"aad_user_credential_username":{"type":"string","description_kind":"plain","optional":true},"account_id":{"type":"string","description_kind":"plain","optional":true},"applications_directory":{"type":"string","description_kind":"plain","optional":true},"certificate_signature_algorithm":{"type":"string","description_kind":"plain","optional":true},"certificate_store_location":{"type":"string","description_kind":"plain","optional":true},"certificate_store_name":{"type":"string","description_kind":"plain","optional":true},"client_certificate_variable":{"type":"string","description_kind":"plain","optional":true},"cloud_service_name":{"type":"string","description_kind":"plain","optional":true},"cluster_certificate":{"type":"string","description_kind":"plain","optional":true},"cluster_url":{"type":"string","description_kind":"plain","optional":true},"communication_style":{"type":"string","description_kind":"plain","required":true},"connection_endpoint":{"type":"string","description_kind":"plain","optional":true},"default_worker_pool_id":{"type":"string","description_kind":"plain","optional":true},"dot_net_core_platform":{"type":"string","description_kind":"plain","optional":true},"fingerprint":{"type":"string","description_kind":"plain","optional":true},"host":{"type":"string","description_kind":"plain","optional":true},"id":{"type":"string","description":"The unique ID for this resource.","description_kind":"plain","optional":true,"computed":true},"namespace":{"type":"string","description_kind":"plain","optional":true},"port":{"type":"number","description_kind":"plain","optional":true},"proxy_id":{"type":"string","description_kind":"plain","optional":true},"resource_group_name":{"type":"string","description_kind":"plain","optional":true},"running_in_container":{"type":"bool","description_kind":"plain","optional":true},"security_mode":{"type":"string","description_kind":"plain","optional":true},"server_certificate_thumbprint":{"type":"string","description_kind":"plain","optional":true},"skip_tls_verification":{"type":"bool","description_kind":"plain","optional":true},"slot":{"type":"string","description_kind":"plain","optional":true},"storage_account_name":{"type":"string","description_kind":"plain","optional":true},"swap_if_possible":{"type":"bool","description_kind":"plain","optional":true},"thumbprint":{"type":"string","description_kind":"plain","optional":true},"uri":{"type":"string","description_kind":"plain","optional":true},"use_current_instance_count":{"type":"bool","description_kind":"plain","optional":true},"web_app_name":{"type":"string","description_kind":"plain","optional":true},"web_app_slot_name":{"type":"string","description_kind":"plain","optional":true},"working_directory":{"type":"string","description_kind":"plain","optional":true}},"block_types":{"authentication":{"nesting_mode":"set","block":{"attributes":{"account_id":{"type":"string","description_kind":"plain","optional":true},"admin_login":{"type":"string","description_kind":"plain","optional":true},"assume_role":{"type":"bool","description_kind":"plain","optional":true},"assume_role_external_id":{"type":"string","description_kind":"plain","optional":true},"assume_role_session_duration":{"type":"number","description_kind":"plain","optional":true},"assumed_role_arn":{"type":"string","description_kind":"plain","optional":true},"assumed_role_session":{"type":"string","description_kind":"plain","optional":true},"authentication_type":{"type":"string","description_kind":"plain","optional":true},"client_certificate":{"type":"string","description_kind":"plain","optional":true},"cluster_name":{"type":"string","description_kind":"plain","optional":true},"cluster_resource_group":{"type":"string","description_kind":"plain","optional":true},"use_instance_role":{"type":"bool","description_kind":"plain","optional":true}},"description_kind":"plain"},"max_items":1},"container":{"nesting_mode":"list","block":{"attributes":{"feed_id":{"type":"string","description_kind":"plain","optional":true},"image":{"type":"string","description_kind":"plain","optional":true}},"description_kind":"plain"}},"destination":{"nesting_mode":"list","block":{"attributes":{"destination_type":{"type":"string","description_kind":"plain","optional":true},"drop_folder_path":{"type":"string","description_kind":"plain","optional":true}},"description_kind":"plain"}},"tentacle_version_details":{"nesting_mode":"list","block":{"attributes":{"upgrade_locked":{"type":"bool","description_kind":"plain","optional":true,"computed":true},"upgrade_required":{"type":"bool","description_kind":"plain","optional":true,"computed":true},"upgrade_suggested":{"type":"bool","description_kind":"plain","optional":true,"computed":true},"version":{"type":"string","description_kind":"plain","optional":true,"computed":true}},"description_kind":"plain"}}},"description_kind":"plain"}}},"description":"This resource manages Azure service fabric cluster deployment targets in Octopus Deploy.","description_kind":"plain"}},"octopusdeploy_azure_service_principal":{"version":0,"block":{"attributes":{"application_id":{"type":"string","description":"The application ID of this resource.","description_kind":"plain","required":true},"authentication_endpoint":{"type":"string","description":"The authentication endpoint URI for this resource.","description_kind":"plain","optional":true},"azure_environment":{"type":"string","description":"The Azure environment associated with this resource. Valid Azure environments are `AzureCloud`, `AzureChinaCloud`, `AzureGermanCloud`, or `AzureUSGovernment`.","description_kind":"plain","optional":true,"computed":true},"description":{"type":"string","description":"The description of this resource.","description_kind":"plain","optional":true},"environments":{"type":["list","string"],"description":"A list of environment IDs associated with this resource.","description_kind":"plain","optional":true,"computed":true},"id":{"type":"string","description":"The unique ID for this resource.","description_kind":"plain","optional":true,"computed":true},"name":{"type":"string","description":"The name of this resource.","description_kind":"plain","required":true},"password":{"type":"string","description":"The password associated with this resource.","description_kind":"plain","required":true,"sensitive":true},"resource_manager_endpoint":{"type":"string","description":"The resource manager endpoint URI for this resource.","description_kind":"plain","optional":true},"space_id":{"type":"string","description":"The space ID associated with this resource.","description_kind":"plain","optional":true,"computed":true},"subscription_id":{"type":"string","description":"The subscription ID of this resource.","description_kind":"plain","required":true},"tenant_id":{"type":"string","description":"The tenant ID of this resource.","description_kind":"plain","required":true},"tenant_tags":{"type":["list","string"],"description":"A list of tenant tags associated with this resource.","description_kind":"plain","optional":true,"computed":true},"tenanted_deployment_participation":{"type":"string","description":"The tenanted deployment mode of the resource. Valid account types are `Untenanted`, `TenantedOrUntenanted`, or `Tenanted`.","description_kind":"plain","optional":true},"tenants":{"type":["list","string"],"description":"A list of tenant IDs associated with this resource.","description_kind":"plain","optional":true}},"description":"This resource manages Azure service principal accounts in Octopus Deploy.","description_kind":"plain"}},"octopusdeploy_azure_subscription_account":{"version":0,"block":{"attributes":{"azure_environment":{"type":"string","description":"The Azure environment associated with this resource. Valid Azure environments are `AzureCloud`, `AzureChinaCloud`, `AzureGermanCloud`, or `AzureUSGovernment`.","description_kind":"plain","optional":true,"computed":true},"certificate":{"type":"string","description_kind":"plain","optional":true,"computed":true,"sensitive":true},"certificate_thumbprint":{"type":"string","description_kind":"plain","optional":true,"computed":true,"sensitive":true},"description":{"type":"string","description":"The description of this resource.","description_kind":"plain","optional":true},"environments":{"type":["list","string"],"description":"A list of environment IDs associated with this resource.","description_kind":"plain","optional":true,"computed":true},"id":{"type":"string","description_kind":"plain","optional":true,"computed":true},"management_endpoint":{"type":"string","description_kind":"plain","required":true},"name":{"type":"string","description":"The name of this resource.","description_kind":"plain","required":true},"space_id":{"type":"string","description":"The space ID associated with this resource.","description_kind":"plain","optional":true,"computed":true},"storage_endpoint_suffix":{"type":"string","description":"The storage endpoint suffix associated with this Azure subscription account.","description_kind":"plain","required":true},"subscription_id":{"type":"string","description":"The subscription ID of this resource.","description_kind":"plain","required":true},"tenant_tags":{"type":["list","string"],"description":"A list of tenant tags associated with this resource.","description_kind":"plain","optional":true,"computed":true},"tenanted_deployment_participation":{"type":"string","description":"The tenanted deployment mode of the resource. Valid account types are `Untenanted`, `TenantedOrUntenanted`, or `Tenanted`.","description_kind":"plain","optional":true},"tenants":{"type":["list","string"],"description":"A list of tenant IDs associated with this resource.","description_kind":"plain","optional":true}},"description":"This resource manages Azure subscription accounts in Octopus Deploy.","description_kind":"plain"}},"octopusdeploy_azure_web_app_deployment_target":{"version":0,"block":{"attributes":{"account_id":{"type":"string","description_kind":"plain","required":true},"environments":{"type":["list","string"],"description":"A list of environment IDs associated with this resource.","description_kind":"plain","required":true},"has_latest_calamari":{"type":"bool","description_kind":"plain","computed":true},"health_status":{"type":"string","description":"Represents the health status of this deployment target. Valid health statuses are `HasWarnings`, `Healthy`, `Unavailable`, `Unhealthy`, or `Unknown`.","description_kind":"plain","optional":true,"computed":true},"id":{"type":"string","description":"The unique ID for this resource.","description_kind":"plain","optional":true,"computed":true},"is_disabled":{"type":"bool","description_kind":"plain","optional":true,"computed":true},"is_in_process":{"type":"bool","description_kind":"plain","computed":true},"machine_policy_id":{"type":"string","description_kind":"plain","optional":true,"computed":true},"name":{"type":"string","description":"The name of this resource.","description_kind":"plain","required":true},"operating_system":{"type":"string","description_kind":"plain","optional":true,"computed":true},"resource_group_name":{"type":"string","description_kind":"plain","required":true},"roles":{"type":["list","string"],"description_kind":"plain","required":true},"shell_name":{"type":"string","description_kind":"plain","optional":true,"computed":true},"shell_version":{"type":"string","description_kind":"plain","optional":true,"computed":true},"space_id":{"type":"string","description":"The space ID associated with this resource.","description_kind":"plain","optional":true,"computed":true},"status":{"type":"string","description":"The status of this resource. Valid statuses are `CalamariNeedsUpgrade`, `Disabled`, `NeedsUpgrade`, `Offline`, `Online`, or `Unknown`.","description_kind":"plain","optional":true,"computed":true},"status_summary":{"type":"string","description":"A summary elaborating on the status of this resource.","description_kind":"plain","optional":true,"computed":true},"tenant_tags":{"type":["list","string"],"description":"A list of tenant tags associated with this resource.","description_kind":"plain","optional":true,"computed":true},"tenanted_deployment_participation":{"type":"string","description":"The tenanted deployment mode of the resource. Valid account types are `Untenanted`, `TenantedOrUntenanted`, or `Tenanted`.","description_kind":"plain","optional":true},"tenants":{"type":["list","string"],"description":"A list of tenant IDs associated with this resource.","description_kind":"plain","optional":true},"thumbprint":{"type":"string","description_kind":"plain","optional":true,"computed":true},"uri":{"type":"string","description_kind":"plain","optional":true,"computed":true},"web_app_name":{"type":"string","description_kind":"plain","required":true},"web_app_slot_name":{"type":"string","description_kind":"plain","optional":true}},"block_types":{"endpoint":{"nesting_mode":"list","block":{"attributes":{"aad_client_credential_secret":{"type":"string","description_kind":"plain","optional":true},"aad_credential_type":{"type":"string","description_kind":"plain","optional":true},"aad_user_credential_username":{"type":"string","description_kind":"plain","optional":true},"account_id":{"type":"string","description_kind":"plain","optional":true},"applications_directory":{"type":"string","description_kind":"plain","optional":true},"certificate_signature_algorithm":{"type":"string","description_kind":"plain","optional":true},"certificate_store_location":{"type":"string","description_kind":"plain","optional":true},"certificate_store_name":{"type":"string","description_kind":"plain","optional":true},"client_certificate_variable":{"type":"string","description_kind":"plain","optional":true},"cloud_service_name":{"type":"string","description_kind":"plain","optional":true},"cluster_certificate":{"type":"string","description_kind":"plain","optional":true},"cluster_url":{"type":"string","description_kind":"plain","optional":true},"communication_style":{"type":"string","description_kind":"plain","required":true},"connection_endpoint":{"type":"string","description_kind":"plain","optional":true},"default_worker_pool_id":{"type":"string","description_kind":"plain","optional":true},"dot_net_core_platform":{"type":"string","description_kind":"plain","optional":true},"fingerprint":{"type":"string","description_kind":"plain","optional":true},"host":{"type":"string","description_kind":"plain","optional":true},"id":{"type":"string","description":"The unique ID for this resource.","description_kind":"plain","optional":true,"computed":true},"namespace":{"type":"string","description_kind":"plain","optional":true},"port":{"type":"number","description_kind":"plain","optional":true},"proxy_id":{"type":"string","description_kind":"plain","optional":true},"resource_group_name":{"type":"string","description_kind":"plain","optional":true},"running_in_container":{"type":"bool","description_kind":"plain","optional":true},"security_mode":{"type":"string","description_kind":"plain","optional":true},"server_certificate_thumbprint":{"type":"string","description_kind":"plain","optional":true},"skip_tls_verification":{"type":"bool","description_kind":"plain","optional":true},"slot":{"type":"string","description_kind":"plain","optional":true},"storage_account_name":{"type":"string","description_kind":"plain","optional":true},"swap_if_possible":{"type":"bool","description_kind":"plain","optional":true},"thumbprint":{"type":"string","description_kind":"plain","optional":true},"uri":{"type":"string","description_kind":"plain","optional":true},"use_current_instance_count":{"type":"bool","description_kind":"plain","optional":true},"web_app_name":{"type":"string","description_kind":"plain","optional":true},"web_app_slot_name":{"type":"string","description_kind":"plain","optional":true},"working_directory":{"type":"string","description_kind":"plain","optional":true}},"block_types":{"authentication":{"nesting_mode":"set","block":{"attributes":{"account_id":{"type":"string","description_kind":"plain","optional":true},"admin_login":{"type":"string","description_kind":"plain","optional":true},"assume_role":{"type":"bool","description_kind":"plain","optional":true},"assume_role_external_id":{"type":"string","description_kind":"plain","optional":true},"assume_role_session_duration":{"type":"number","description_kind":"plain","optional":true},"assumed_role_arn":{"type":"string","description_kind":"plain","optional":true},"assumed_role_session":{"type":"string","description_kind":"plain","optional":true},"authentication_type":{"type":"string","description_kind":"plain","optional":true},"client_certificate":{"type":"string","description_kind":"plain","optional":true},"cluster_name":{"type":"string","description_kind":"plain","optional":true},"cluster_resource_group":{"type":"string","description_kind":"plain","optional":true},"use_instance_role":{"type":"bool","description_kind":"plain","optional":true}},"description_kind":"plain"},"max_items":1},"container":{"nesting_mode":"list","block":{"attributes":{"feed_id":{"type":"string","description_kind":"plain","optional":true},"image":{"type":"string","description_kind":"plain","optional":true}},"description_kind":"plain"}},"destination":{"nesting_mode":"list","block":{"attributes":{"destination_type":{"type":"string","description_kind":"plain","optional":true},"drop_folder_path":{"type":"string","description_kind":"plain","optional":true}},"description_kind":"plain"}},"tentacle_version_details":{"nesting_mode":"list","block":{"attributes":{"upgrade_locked":{"type":"bool","description_kind":"plain","optional":true,"computed":true},"upgrade_required":{"type":"bool","description_kind":"plain","optional":true,"computed":true},"upgrade_suggested":{"type":"bool","description_kind":"plain","optional":true,"computed":true},"version":{"type":"string","description_kind":"plain","optional":true,"computed":true}},"description_kind":"plain"}}},"description_kind":"plain"}}},"description":"This resource manages Azure web app deployment targets in Octopus Deploy.","description_kind":"plain"}},"octopusdeploy_certificate":{"version":0,"block":{"attributes":{"archived":{"type":"string","description_kind":"plain","optional":true,"computed":true},"certificate_data":{"type":"string","description":"The encoded data of the certificate.","description_kind":"plain","required":true,"sensitive":true},"certificate_data_format":{"type":"string","description":"Specifies the archive file format used for storing cryptography objects in the certificate. Valid formats are `Der`, `Pem`, `Pkcs12`, or `Unknown`.","description_kind":"plain","optional":true,"computed":true},"environments":{"type":["list","string"],"description":"A list of environment IDs associated with this resource.","description_kind":"plain","optional":true,"computed":true},"has_private_key":{"type":"bool","description":"Indicates if the certificate has a private key.","description_kind":"plain","optional":true,"computed":true},"id":{"type":"string","description":"The unique ID for this resource.","description_kind":"plain","optional":true,"computed":true},"is_expired":{"type":"bool","description":"Indicates if the certificate has expired.","description_kind":"plain","optional":true,"computed":true},"issuer_common_name":{"type":"string","description_kind":"plain","optional":true,"computed":true},"issuer_distinguished_name":{"type":"string","description_kind":"plain","optional":true,"computed":true},"issuer_organization":{"type":"string","description_kind":"plain","optional":true,"computed":true},"name":{"type":"string","description":"The name of this resource.","description_kind":"plain","required":true},"not_after":{"type":"string","description_kind":"plain","optional":true,"computed":true},"not_before":{"type":"string","description_kind":"plain","optional":true,"computed":true},"notes":{"type":"string","description_kind":"plain","optional":true,"computed":true},"password":{"type":"string","description":"The password associated with this resource.","description_kind":"plain","required":true,"sensitive":true},"replaced_by":{"type":"string","description_kind":"plain","optional":true,"computed":true},"self_signed":{"type":"bool","description_kind":"plain","optional":true,"computed":true},"serial_number":{"type":"string","description_kind":"plain","optional":true,"computed":true},"signature_algorithm_name":{"type":"string","description_kind":"plain","optional":true,"computed":true},"subject_alternative_names":{"type":["list","string"],"description_kind":"plain","optional":true,"computed":true},"subject_common_name":{"type":"string","description_kind":"plain","optional":true,"computed":true},"subject_distinguished_name":{"type":"string","description_kind":"plain","optional":true,"computed":true},"subject_organization":{"type":"string","description_kind":"plain","optional":true,"computed":true},"tenant_tags":{"type":["list","string"],"description":"A list of tenant tags associated with this resource.","description_kind":"plain","optional":true,"computed":true},"tenanted_deployment_participation":{"type":"string","description":"The tenanted deployment mode of the resource. Valid account types are `Untenanted`, `TenantedOrUntenanted`, or `Tenanted`.","description_kind":"plain","optional":true},"tenants":{"type":["list","string"],"description":"A list of tenant IDs associated with this resource.","description_kind":"plain","optional":true},"thumbprint":{"type":"string","description_kind":"plain","optional":true,"computed":true},"version":{"type":"number","description_kind":"plain","optional":true,"computed":true}},"description":"This resource manages certificates in Octopus Deploy.","description_kind":"plain"}},"octopusdeploy_channel":{"version":0,"block":{"attributes":{"description":{"type":"string","description":"The description of this resource.","description_kind":"plain","optional":true},"id":{"type":"string","description":"The unique ID for this resource.","description_kind":"plain","optional":true,"computed":true},"is_default":{"type":"bool","description":"Indicates if this is the default channel for the associated project.","description_kind":"plain","optional":true},"lifecycle_id":{"type":"string","description":"The lifecycle ID associated with this channel.","description_kind":"plain","optional":true},"name":{"type":"string","description":"The name of this resource.","description_kind":"plain","required":true},"project_id":{"type":"string","description":"The project ID associated with this channel.","description_kind":"plain","required":true},"space_id":{"type":"string","description":"The space ID associated with this resource.","description_kind":"plain","optional":true,"computed":true},"tenant_tags":{"type":["list","string"],"description":"A list of tenant tags associated with this resource.","description_kind":"plain","optional":true,"computed":true}},"block_types":{"rule":{"nesting_mode":"list","block":{"attributes":{"actions":{"type":["list","string"],"description_kind":"plain","optional":true},"id":{"type":"string","description":"The unique ID for this resource.","description_kind":"plain","optional":true,"computed":true},"tag":{"type":"string","description_kind":"plain","optional":true},"version_range":{"type":"string","description_kind":"plain","optional":true}},"description":"A list of rules associated with this channel.","description_kind":"plain"}}},"description":"This resource manages channels in Octopus Deploy.","description_kind":"plain"}},"octopusdeploy_cloud_region_deployment_target":{"version":0,"block":{"attributes":{"default_worker_pool_id":{"type":"string","description_kind":"plain","optional":true},"environments":{"type":["list","string"],"description":"A list of environment IDs associated with this resource.","description_kind":"plain","required":true},"has_latest_calamari":{"type":"bool","description_kind":"plain","computed":true},"health_status":{"type":"string","description":"Represents the health status of this deployment target. Valid health statuses are `HasWarnings`, `Healthy`, `Unavailable`, `Unhealthy`, or `Unknown`.","description_kind":"plain","optional":true,"computed":true},"id":{"type":"string","description":"The unique ID for this resource.","description_kind":"plain","optional":true,"computed":true},"is_disabled":{"type":"bool","description_kind":"plain","optional":true,"computed":true},"is_in_process":{"type":"bool","description_kind":"plain","computed":true},"machine_policy_id":{"type":"string","description_kind":"plain","optional":true,"computed":true},"name":{"type":"string","description":"The name of this resource.","description_kind":"plain","required":true},"operating_system":{"type":"string","description_kind":"plain","optional":true,"computed":true},"roles":{"type":["list","string"],"description_kind":"plain","required":true},"shell_name":{"type":"string","description_kind":"plain","optional":true,"computed":true},"shell_version":{"type":"string","description_kind":"plain","optional":true,"computed":true},"space_id":{"type":"string","description":"The space ID associated with this resource.","description_kind":"plain","optional":true,"computed":true},"status":{"type":"string","description":"The status of this resource. Valid statuses are `CalamariNeedsUpgrade`, `Disabled`, `NeedsUpgrade`, `Offline`, `Online`, or `Unknown`.","description_kind":"plain","optional":true,"computed":true},"status_summary":{"type":"string","description":"A summary elaborating on the status of this resource.","description_kind":"plain","optional":true,"computed":true},"tenant_tags":{"type":["list","string"],"description":"A list of tenant tags associated with this resource.","description_kind":"plain","optional":true,"computed":true},"tenanted_deployment_participation":{"type":"string","description":"The tenanted deployment mode of the resource. Valid account types are `Untenanted`, `TenantedOrUntenanted`, or `Tenanted`.","description_kind":"plain","optional":true},"tenants":{"type":["list","string"],"description":"A list of tenant IDs associated with this resource.","description_kind":"plain","optional":true},"thumbprint":{"type":"string","description_kind":"plain","optional":true,"computed":true},"uri":{"type":"string","description_kind":"plain","optional":true,"computed":true}},"block_types":{"endpoint":{"nesting_mode":"list","block":{"attributes":{"aad_client_credential_secret":{"type":"string","description_kind":"plain","optional":true},"aad_credential_type":{"type":"string","description_kind":"plain","optional":true},"aad_user_credential_username":{"type":"string","description_kind":"plain","optional":true},"account_id":{"type":"string","description_kind":"plain","optional":true},"applications_directory":{"type":"string","description_kind":"plain","optional":true},"certificate_signature_algorithm":{"type":"string","description_kind":"plain","optional":true},"certificate_store_location":{"type":"string","description_kind":"plain","optional":true},"certificate_store_name":{"type":"string","description_kind":"plain","optional":true},"client_certificate_variable":{"type":"string","description_kind":"plain","optional":true},"cloud_service_name":{"type":"string","description_kind":"plain","optional":true},"cluster_certificate":{"type":"string","description_kind":"plain","optional":true},"cluster_url":{"type":"string","description_kind":"plain","optional":true},"communication_style":{"type":"string","description_kind":"plain","required":true},"connection_endpoint":{"type":"string","description_kind":"plain","optional":true},"default_worker_pool_id":{"type":"string","description_kind":"plain","optional":true},"dot_net_core_platform":{"type":"string","description_kind":"plain","optional":true},"fingerprint":{"type":"string","description_kind":"plain","optional":true},"host":{"type":"string","description_kind":"plain","optional":true},"id":{"type":"string","description":"The unique ID for this resource.","description_kind":"plain","optional":true,"computed":true},"namespace":{"type":"string","description_kind":"plain","optional":true},"port":{"type":"number","description_kind":"plain","optional":true},"proxy_id":{"type":"string","description_kind":"plain","optional":true},"resource_group_name":{"type":"string","description_kind":"plain","optional":true},"running_in_container":{"type":"bool","description_kind":"plain","optional":true},"security_mode":{"type":"string","description_kind":"plain","optional":true},"server_certificate_thumbprint":{"type":"string","description_kind":"plain","optional":true},"skip_tls_verification":{"type":"bool","description_kind":"plain","optional":true},"slot":{"type":"string","description_kind":"plain","optional":true},"storage_account_name":{"type":"string","description_kind":"plain","optional":true},"swap_if_possible":{"type":"bool","description_kind":"plain","optional":true},"thumbprint":{"type":"string","description_kind":"plain","optional":true},"uri":{"type":"string","description_kind":"plain","optional":true},"use_current_instance_count":{"type":"bool","description_kind":"plain","optional":true},"web_app_name":{"type":"string","description_kind":"plain","optional":true},"web_app_slot_name":{"type":"string","description_kind":"plain","optional":true},"working_directory":{"type":"string","description_kind":"plain","optional":true}},"block_types":{"authentication":{"nesting_mode":"set","block":{"attributes":{"account_id":{"type":"string","description_kind":"plain","optional":true},"admin_login":{"type":"string","description_kind":"plain","optional":true},"assume_role":{"type":"bool","description_kind":"plain","optional":true},"assume_role_external_id":{"type":"string","description_kind":"plain","optional":true},"assume_role_session_duration":{"type":"number","description_kind":"plain","optional":true},"assumed_role_arn":{"type":"string","description_kind":"plain","optional":true},"assumed_role_session":{"type":"string","description_kind":"plain","optional":true},"authentication_type":{"type":"string","description_kind":"plain","optional":true},"client_certificate":{"type":"string","description_kind":"plain","optional":true},"cluster_name":{"type":"string","description_kind":"plain","optional":true},"cluster_resource_group":{"type":"string","description_kind":"plain","optional":true},"use_instance_role":{"type":"bool","description_kind":"plain","optional":true}},"description_kind":"plain"},"max_items":1},"container":{"nesting_mode":"list","block":{"attributes":{"feed_id":{"type":"string","description_kind":"plain","optional":true},"image":{"type":"string","description_kind":"plain","optional":true}},"description_kind":"plain"}},"destination":{"nesting_mode":"list","block":{"attributes":{"destination_type":{"type":"string","description_kind":"plain","optional":true},"drop_folder_path":{"type":"string","description_kind":"plain","optional":true}},"description_kind":"plain"}},"tentacle_version_details":{"nesting_mode":"list","block":{"attributes":{"upgrade_locked":{"type":"bool","description_kind":"plain","optional":true,"computed":true},"upgrade_required":{"type":"bool","description_kind":"plain","optional":true,"computed":true},"upgrade_suggested":{"type":"bool","description_kind":"plain","optional":true,"computed":true},"version":{"type":"string","description_kind":"plain","optional":true,"computed":true}},"description_kind":"plain"}}},"description_kind":"plain"}}},"description":"This resource manages cloud region deployment targets in Octopus Deploy.","description_kind":"plain"}},"octopusdeploy_deployment_process":{"version":0,"block":{"attributes":{"id":{"type":"string","description":"The unique ID for this resource.","description_kind":"plain","optional":true,"computed":true},"last_snapshot_id":{"type":"string","description_kind":"plain","optional":true},"project_id":{"type":"string","description":"The project ID associated with this d eployment process.","description_kind":"plain","required":true},"space_id":{"type":"string","description":"The space ID associated with this resource.","description_kind":"plain","optional":true,"computed":true},"version":{"type":"number","description_kind":"plain","optional":true,"computed":true}},"block_types":{"step":{"nesting_mode":"list","block":{"attributes":{"condition":{"type":"string","description":"When to run the step, one of 'Success', 'Failure', 'Always' or 'Variable'","description_kind":"plain","optional":true},"condition_expression":{"type":"string","description":"The expression to evaluate to determine whether to run this step when 'condition' is 'Variable'","description_kind":"plain","optional":true,"computed":true},"id":{"type":"string","description":"The unique ID for this resource.","description_kind":"plain","optional":true,"computed":true},"name":{"type":"string","description":"The name of this resource.","description_kind":"plain","required":true},"package_requirement":{"type":"string","description":"Whether to run this step before or after package acquisition (if possible)","description_kind":"plain","optional":true},"properties":{"type":["map","string"],"description_kind":"plain","optional":true,"computed":true},"start_trigger":{"type":"string","description":"Whether to run this step after the previous step ('StartAfterPrevious') or at the same time as the previous step ('StartWithPrevious')","description_kind":"plain","optional":true},"target_roles":{"type":["list","string"],"description":"The roles that this step run against, or runs on behalf of","description_kind":"plain","deprecated":true,"optional":true},"window_size":{"type":"string","description":"The maximum number of targets to deploy to simultaneously","description_kind":"plain","optional":true}},"block_types":{"action":{"nesting_mode":"list","block":{"attributes":{"action_type":{"type":"string","description":"The type of action","description_kind":"plain","required":true},"can_be_used_for_project_versioning":{"type":"bool","description_kind":"plain","optional":true,"computed":true},"channels":{"type":["list","string"],"description":"The channels associated with this deployment action.","description_kind":"plain","optional":true},"condition":{"type":"string","description":"The condition associated with this deployment action.","description_kind":"plain","optional":true,"computed":true},"environments":{"type":["list","string"],"description":"The environments within which this deployment action will run.","description_kind":"plain","optional":true,"computed":true},"excluded_environments":{"type":["list","string"],"description":"The environments that this step will be skipped in","description_kind":"plain","optional":true},"id":{"type":"string","description":"The unique ID for this resource.","description_kind":"plain","optional":true,"computed":true},"is_disabled":{"type":"bool","description":"Indicates the disabled status of this deployment action.","description_kind":"plain","optional":true},"is_required":{"type":"bool","description":"Indicates the required status of this deployment action.","description_kind":"plain","optional":true},"name":{"type":"string","description":"The name of this resource.","description_kind":"plain","required":true},"notes":{"type":"string","description":"The notes associated with this deploymnt action.","description_kind":"plain","optional":true},"properties":{"type":["map","string"],"description":"The properties associated with this deployment action.","description_kind":"plain","optional":true,"computed":true},"run_on_server":{"type":"bool","description":"Whether this step runs on a worker or on the target","description_kind":"plain","optional":true},"tenant_tags":{"type":["list","string"],"description":"A list of tenant tags associated with this resource.","description_kind":"plain","optional":true,"computed":true},"worker_pool_id":{"type":"string","description":"The worker pool associated with this deployment action.","description_kind":"plain","optional":true}},"block_types":{"container":{"nesting_mode":"list","block":{"attributes":{"feed_id":{"type":"string","description_kind":"plain","optional":true},"image":{"type":"string","description_kind":"plain","optional":true}},"description":"The deployment action container associated with this deployment action.","description_kind":"plain"}},"package":{"nesting_mode":"set","block":{"attributes":{"acquisition_location":{"type":"string","description":"Whether to acquire this package on the server ('Server'), target ('ExecutionTarget') or not at all ('NotAcquired'). Can be an expression","description_kind":"plain","optional":true},"extract_during_deployment":{"type":"bool","description":"Whether to extract the package during deployment","description_kind":"plain","optional":true},"feed_id":{"type":"string","description":"The feed ID associated with this package reference.","description_kind":"plain","optional":true},"id":{"type":"string","description":"The unique ID for this resource.","description_kind":"plain","optional":true,"computed":true},"name":{"type":"string","description":"The name of the package","description_kind":"plain","required":true},"package_id":{"type":"string","description":"The ID of the package","description_kind":"plain","required":true},"properties":{"type":["map","string"],"description_kind":"plain","optional":true}},"description":"The primary package for the action","description_kind":"plain"}},"primary_package":{"nesting_mode":"set","block":{"attributes":{"acquisition_location":{"type":"string","description":"Whether to acquire this package on the server ('Server'), target ('ExecutionTarget') or not at all ('NotAcquired'). Can be an expression","description_kind":"plain","optional":true},"feed_id":{"type":"string","description":"The feed ID associated with this package reference.","description_kind":"plain","optional":true},"id":{"type":"string","description":"The unique ID for this resource.","description_kind":"plain","optional":true,"computed":true},"name":{"type":"string","description":"The name of this resource.","description_kind":"plain","optional":true},"package_id":{"type":"string","description":"The ID of the package","description_kind":"plain","required":true},"properties":{"type":["map","string"],"description_kind":"plain","optional":true}},"description":"The primary package for the action","description_kind":"plain"},"max_items":1}},"description_kind":"plain"}},"apply_terraform_action":{"nesting_mode":"list","block":{"attributes":{"additional_init_params":{"type":"string","description":"Additional parameters passed to the init command","description_kind":"plain","optional":true},"can_be_used_for_project_versioning":{"type":"bool","description_kind":"plain","optional":true,"computed":true},"channels":{"type":["list","string"],"description":"The channels associated with this deployment action.","description_kind":"plain","optional":true},"condition":{"type":"string","description":"The condition associated with this deployment action.","description_kind":"plain","optional":true,"computed":true},"environments":{"type":["list","string"],"description":"The environments within which this deployment action will run.","description_kind":"plain","optional":true,"computed":true},"excluded_environments":{"type":["list","string"],"description":"The environments that this step will be skipped in","description_kind":"plain","optional":true},"id":{"type":"string","description":"The unique ID for this resource.","description_kind":"plain","optional":true,"computed":true},"is_disabled":{"type":"bool","description":"Indicates the disabled status of this deployment action.","description_kind":"plain","optional":true},"is_required":{"type":"bool","description":"Indicates the required status of this deployment action.","description_kind":"plain","optional":true},"name":{"type":"string","description":"The name of this resource.","description_kind":"plain","required":true},"notes":{"type":"string","description":"The notes associated with this deploymnt action.","description_kind":"plain","optional":true},"properties":{"type":["map","string"],"description":"The properties associated with this deployment action.","description_kind":"plain","optional":true,"computed":true},"run_on_server":{"type":"bool","description":"Whether this step runs on a worker or on the target","description_kind":"plain","optional":true},"tenant_tags":{"type":["list","string"],"description":"A list of tenant tags associated with this resource.","description_kind":"plain","optional":true,"computed":true}},"block_types":{"container":{"nesting_mode":"list","block":{"attributes":{"feed_id":{"type":"string","description_kind":"plain","optional":true},"image":{"type":"string","description_kind":"plain","optional":true}},"description":"The deployment action container associated with this deployment action.","description_kind":"plain"}},"package":{"nesting_mode":"set","block":{"attributes":{"acquisition_location":{"type":"string","description":"Whether to acquire this package on the server ('Server'), target ('ExecutionTarget') or not at all ('NotAcquired'). Can be an expression","description_kind":"plain","optional":true},"feed_id":{"type":"string","description":"The feed ID associated with this package reference.","description_kind":"plain","optional":true},"id":{"type":"string","description":"The unique ID for this resource.","description_kind":"plain","optional":true,"computed":true},"name":{"type":"string","description":"The name of this resource.","description_kind":"plain","optional":true},"package_id":{"type":"string","description":"The ID of the package","description_kind":"plain","required":true},"properties":{"type":["map","string"],"description_kind":"plain","optional":true}},"description":"The primary package for the action","description_kind":"plain"}},"primary_package":{"nesting_mode":"set","block":{"attributes":{"acquisition_location":{"type":"string","description":"Whether to acquire this package on the server ('Server'), target ('ExecutionTarget') or not at all ('NotAcquired'). Can be an expression","description_kind":"plain","optional":true},"feed_id":{"type":"string","description":"The feed ID associated with this package reference.","description_kind":"plain","optional":true},"id":{"type":"string","description":"The unique ID for this resource.","description_kind":"plain","optional":true,"computed":true},"name":{"type":"string","description":"The name of this resource.","description_kind":"plain","optional":true},"package_id":{"type":"string","description":"The ID of the package","description_kind":"plain","required":true},"properties":{"type":["map","string"],"description_kind":"plain","optional":true}},"description":"The primary package for the action","description_kind":"plain"},"max_items":1}},"description_kind":"plain"}},"deploy_kubernetes_secret_action":{"nesting_mode":"list","block":{"attributes":{"can_be_used_for_project_versioning":{"type":"bool","description_kind":"plain","optional":true,"computed":true},"channels":{"type":["list","string"],"description":"The channels associated with this deployment action.","description_kind":"plain","optional":true},"condition":{"type":"string","description":"The condition associated with this deployment action.","description_kind":"plain","optional":true,"computed":true},"environments":{"type":["list","string"],"description":"The environments within which this deployment action will run.","description_kind":"plain","optional":true,"computed":true},"excluded_environments":{"type":["list","string"],"description":"The environments that this step will be skipped in","description_kind":"plain","optional":true},"id":{"type":"string","description":"The unique ID for this resource.","description_kind":"plain","optional":true,"computed":true},"is_disabled":{"type":"bool","description":"Indicates the disabled status of this deployment action.","description_kind":"plain","optional":true},"is_required":{"type":"bool","description":"Indicates the required status of this deployment action.","description_kind":"plain","optional":true},"name":{"type":"string","description":"The name of this resource.","description_kind":"plain","required":true},"notes":{"type":"string","description":"The notes associated with this deploymnt action.","description_kind":"plain","optional":true},"properties":{"type":["map","string"],"description":"The properties associated with this deployment action.","description_kind":"plain","optional":true,"computed":true},"run_on_server":{"type":"bool","description":"Whether this step runs on a worker or on the target","description_kind":"plain","optional":true},"secret_name":{"type":"string","description":"The name of the secret resource","description_kind":"plain","required":true},"tenant_tags":{"type":["list","string"],"description":"A list of tenant tags associated with this resource.","description_kind":"plain","optional":true,"computed":true}},"block_types":{"container":{"nesting_mode":"list","block":{"attributes":{"feed_id":{"type":"string","description_kind":"plain","optional":true},"image":{"type":"string","description_kind":"plain","optional":true}},"description":"The deployment action container associated with this deployment action.","description_kind":"plain"}},"package":{"nesting_mode":"set","block":{"attributes":{"acquisition_location":{"type":"string","description":"Whether to acquire this package on the server ('Server'), target ('ExecutionTarget') or not at all ('NotAcquired'). Can be an expression","description_kind":"plain","optional":true},"feed_id":{"type":"string","description":"The feed ID associated with this package reference.","description_kind":"plain","optional":true},"id":{"type":"string","description":"The unique ID for this resource.","description_kind":"plain","optional":true,"computed":true},"name":{"type":"string","description":"The name of this resource.","description_kind":"plain","optional":true},"package_id":{"type":"string","description":"The ID of the package","description_kind":"plain","required":true},"properties":{"type":["map","string"],"description_kind":"plain","optional":true}},"description":"The primary package for the action","description_kind":"plain"}},"secret_values":{"nesting_mode":"list","block":{"attributes":{"key":{"type":"string","description_kind":"plain","required":true},"value":{"type":"string","description_kind":"plain","required":true}},"description_kind":"plain"},"min_items":1}},"description_kind":"plain"}},"deploy_package_action":{"nesting_mode":"list","block":{"attributes":{"can_be_used_for_project_versioning":{"type":"bool","description_kind":"plain","optional":true,"computed":true},"channels":{"type":["list","string"],"description":"The channels associated with this deployment action.","description_kind":"plain","optional":true},"condition":{"type":"string","description":"The condition associated with this deployment action.","description_kind":"plain","optional":true,"computed":true},"environments":{"type":["list","string"],"description":"The environments within which this deployment action will run.","description_kind":"plain","optional":true,"computed":true},"excluded_environments":{"type":["list","string"],"description":"The environments that this step will be skipped in","description_kind":"plain","optional":true},"id":{"type":"string","description":"The unique ID for this resource.","description_kind":"plain","optional":true,"computed":true},"is_disabled":{"type":"bool","description":"Indicates the disabled status of this deployment action.","description_kind":"plain","optional":true},"is_required":{"type":"bool","description":"Indicates the required status of this deployment action.","description_kind":"plain","optional":true},"name":{"type":"string","description":"The name of this resource.","description_kind":"plain","required":true},"notes":{"type":"string","description":"The notes associated with this deploymnt action.","description_kind":"plain","optional":true},"properties":{"type":["map","string"],"description":"The properties associated with this deployment action.","description_kind":"plain","optional":true,"computed":true},"tenant_tags":{"type":["list","string"],"description":"A list of tenant tags associated with this resource.","description_kind":"plain","optional":true,"computed":true}},"block_types":{"container":{"nesting_mode":"list","block":{"attributes":{"feed_id":{"type":"string","description_kind":"plain","optional":true},"image":{"type":"string","description_kind":"plain","optional":true}},"description":"The deployment action container associated with this deployment action.","description_kind":"plain"}},"package":{"nesting_mode":"set","block":{"attributes":{"acquisition_location":{"type":"string","description":"Whether to acquire this package on the server ('Server'), target ('ExecutionTarget') or not at all ('NotAcquired'). Can be an expression","description_kind":"plain","optional":true},"feed_id":{"type":"string","description":"The feed ID associated with this package reference.","description_kind":"plain","optional":true},"id":{"type":"string","description":"The unique ID for this resource.","description_kind":"plain","optional":true,"computed":true},"name":{"type":"string","description":"The name of this resource.","description_kind":"plain","optional":true},"package_id":{"type":"string","description":"The ID of the package","description_kind":"plain","required":true},"properties":{"type":["map","string"],"description_kind":"plain","optional":true}},"description":"The primary package for the action","description_kind":"plain"}},"primary_package":{"nesting_mode":"set","block":{"attributes":{"acquisition_location":{"type":"string","description":"Whether to acquire this package on the server ('Server'), target ('ExecutionTarget') or not at all ('NotAcquired'). Can be an expression","description_kind":"plain","optional":true},"feed_id":{"type":"string","description":"The feed ID associated with this package reference.","description_kind":"plain","optional":true},"id":{"type":"string","description":"The unique ID for this resource.","description_kind":"plain","optional":true,"computed":true},"name":{"type":"string","description":"The name of this resource.","description_kind":"plain","optional":true},"package_id":{"type":"string","description":"The ID of the package","description_kind":"plain","required":true},"properties":{"type":["map","string"],"description_kind":"plain","optional":true}},"description":"The primary package for the action","description_kind":"plain"},"min_items":1,"max_items":1},"windows_service":{"nesting_mode":"set","block":{"attributes":{"arguments":{"type":"string","description":"The command line arguments that will be passed to the service when it starts","description_kind":"plain","optional":true},"custom_account_name":{"type":"string","description":"The Windows/domain account of the custom user that the service will run under","description_kind":"plain","optional":true},"custom_account_password":{"type":"string","description":"The password for the custom account","description_kind":"plain","optional":true},"dependencies":{"type":"string","description":"Any dependencies that the service has. Separate the names using forward slashes (/).","description_kind":"plain","optional":true},"description":{"type":"string","description":"User-friendly description of the service (optional)","description_kind":"plain","optional":true},"display_name":{"type":"string","description":"The display name of the service (optional)","description_kind":"plain","optional":true},"executable_path":{"type":"string","description":"The path to the executable relative to the package installation directory","description_kind":"plain","required":true},"service_account":{"type":"string","description":"Which built-in account will the service run under. Can be LocalSystem, NT Authority\\NetworkService, NT Authority\\LocalService, _CUSTOM or an expression","description_kind":"plain","optional":true},"service_name":{"type":"string","description":"The name of the service","description_kind":"plain","required":true},"start_mode":{"type":"string","description":"When will the service start. Can be auto, delayed-auto, manual, unchanged or an expression","description_kind":"plain","optional":true}},"description":"Deploy a windows service feature","description_kind":"plain"},"max_items":1}},"description_kind":"plain"}},"deploy_windows_service_action":{"nesting_mode":"list","block":{"attributes":{"arguments":{"type":"string","description":"The command line arguments that will be passed to the service when it starts","description_kind":"plain","optional":true},"can_be_used_for_project_versioning":{"type":"bool","description_kind":"plain","optional":true,"computed":true},"channels":{"type":["list","string"],"description":"The channels associated with this deployment action.","description_kind":"plain","optional":true},"condition":{"type":"string","description":"The condition associated with this deployment action.","description_kind":"plain","optional":true,"computed":true},"custom_account_name":{"type":"string","description":"The Windows/domain account of the custom user that the service will run under","description_kind":"plain","optional":true},"custom_account_password":{"type":"string","description":"The password for the custom account","description_kind":"plain","optional":true},"dependencies":{"type":"string","description":"Any dependencies that the service has. Separate the names using forward slashes (/).","description_kind":"plain","optional":true},"description":{"type":"string","description":"User-friendly description of the service (optional)","description_kind":"plain","optional":true},"display_name":{"type":"string","description":"The display name of the service (optional)","description_kind":"plain","optional":true},"environments":{"type":["list","string"],"description":"The environments within which this deployment action will run.","description_kind":"plain","optional":true,"computed":true},"excluded_environments":{"type":["list","string"],"description":"The environments that this step will be skipped in","description_kind":"plain","optional":true},"executable_path":{"type":"string","description":"The path to the executable relative to the package installation directory","description_kind":"plain","required":true},"id":{"type":"string","description":"The unique ID for this resource.","description_kind":"plain","optional":true,"computed":true},"is_disabled":{"type":"bool","description":"Indicates the disabled status of this deployment action.","description_kind":"plain","optional":true},"is_required":{"type":"bool","description":"Indicates the required status of this deployment action.","description_kind":"plain","optional":true},"name":{"type":"string","description":"The name of this resource.","description_kind":"plain","required":true},"notes":{"type":"string","description":"The notes associated with this deploymnt action.","description_kind":"plain","optional":true},"properties":{"type":["map","string"],"description":"The properties associated with this deployment action.","description_kind":"plain","optional":true,"computed":true},"service_account":{"type":"string","description":"Which built-in account will the service run under. Can be LocalSystem, NT Authority\\NetworkService, NT Authority\\LocalService, _CUSTOM or an expression","description_kind":"plain","optional":true},"service_name":{"type":"string","description":"The name of the service","description_kind":"plain","required":true},"start_mode":{"type":"string","description":"When will the service start. Can be auto, delayed-auto, manual, unchanged or an expression","description_kind":"plain","optional":true},"tenant_tags":{"type":["list","string"],"description":"A list of tenant tags associated with this resource.","description_kind":"plain","optional":true,"computed":true}},"block_types":{"container":{"nesting_mode":"list","block":{"attributes":{"feed_id":{"type":"string","description_kind":"plain","optional":true},"image":{"type":"string","description_kind":"plain","optional":true}},"description":"The deployment action container associated with this deployment action.","description_kind":"plain"}},"package":{"nesting_mode":"set","block":{"attributes":{"acquisition_location":{"type":"string","description":"Whether to acquire this package on the server ('Server'), target ('ExecutionTarget') or not at all ('NotAcquired'). Can be an expression","description_kind":"plain","optional":true},"feed_id":{"type":"string","description":"The feed ID associated with this package reference.","description_kind":"plain","optional":true},"id":{"type":"string","description":"The unique ID for this resource.","description_kind":"plain","optional":true,"computed":true},"name":{"type":"string","description":"The name of this resource.","description_kind":"plain","optional":true},"package_id":{"type":"string","description":"The ID of the package","description_kind":"plain","required":true},"properties":{"type":["map","string"],"description_kind":"plain","optional":true}},"description":"The primary package for the action","description_kind":"plain"}},"primary_package":{"nesting_mode":"set","block":{"attributes":{"acquisition_location":{"type":"string","description":"Whether to acquire this package on the server ('Server'), target ('ExecutionTarget') or not at all ('NotAcquired'). Can be an expression","description_kind":"plain","optional":true},"feed_id":{"type":"string","description":"The feed ID associated with this package reference.","description_kind":"plain","optional":true},"id":{"type":"string","description":"The unique ID for this resource.","description_kind":"plain","optional":true,"computed":true},"name":{"type":"string","description":"The name of this resource.","description_kind":"plain","optional":true},"package_id":{"type":"string","description":"The ID of the package","description_kind":"plain","required":true},"properties":{"type":["map","string"],"description_kind":"plain","optional":true}},"description":"The primary package for the action","description_kind":"plain"},"min_items":1,"max_items":1}},"description_kind":"plain"}},"manual_intervention_action":{"nesting_mode":"list","block":{"attributes":{"can_be_used_for_project_versioning":{"type":"bool","description_kind":"plain","optional":true,"computed":true},"channels":{"type":["list","string"],"description":"The channels associated with this deployment action.","description_kind":"plain","optional":true},"condition":{"type":"string","description":"The condition associated with this deployment action.","description_kind":"plain","optional":true,"computed":true},"environments":{"type":["list","string"],"description":"The environments within which this deployment action will run.","description_kind":"plain","optional":true,"computed":true},"excluded_environments":{"type":["list","string"],"description":"The environments that this step will be skipped in","description_kind":"plain","optional":true},"id":{"type":"string","description":"The unique ID for this resource.","description_kind":"plain","optional":true,"computed":true},"instructions":{"type":"string","description":"The instructions for the user to follow","description_kind":"plain","required":true},"is_disabled":{"type":"bool","description":"Indicates the disabled status of this deployment action.","description_kind":"plain","optional":true},"is_required":{"type":"bool","description":"Indicates the required status of this deployment action.","description_kind":"plain","optional":true},"name":{"type":"string","description":"The name of this resource.","description_kind":"plain","required":true},"notes":{"type":"string","description":"The notes associated with this deploymnt action.","description_kind":"plain","optional":true},"properties":{"type":["map","string"],"description":"The properties associated with this deployment action.","description_kind":"plain","optional":true,"computed":true},"responsible_teams":{"type":"string","description":"The teams responsible to resolve this step. If no teams are specified, all users who have permission to deploy the project can resolve it.","description_kind":"plain","optional":true},"tenant_tags":{"type":["list","string"],"description":"A list of tenant tags associated with this resource.","description_kind":"plain","optional":true,"computed":true}},"block_types":{"container":{"nesting_mode":"list","block":{"attributes":{"feed_id":{"type":"string","description_kind":"plain","optional":true},"image":{"type":"string","description_kind":"plain","optional":true}},"description":"The deployment action container associated with this deployment action.","description_kind":"plain"}},"package":{"nesting_mode":"set","block":{"attributes":{"acquisition_location":{"type":"string","description":"Whether to acquire this package on the server ('Server'), target ('ExecutionTarget') or not at all ('NotAcquired'). Can be an expression","description_kind":"plain","optional":true},"feed_id":{"type":"string","description":"The feed ID associated with this package reference.","description_kind":"plain","optional":true},"id":{"type":"string","description":"The unique ID for this resource.","description_kind":"plain","optional":true,"computed":true},"name":{"type":"string","description":"The name of this resource.","description_kind":"plain","optional":true},"package_id":{"type":"string","description":"The ID of the package","description_kind":"plain","required":true},"properties":{"type":["map","string"],"description_kind":"plain","optional":true}},"description":"The primary package for the action","description_kind":"plain"}}},"description_kind":"plain"}},"run_kubectl_script_action":{"nesting_mode":"list","block":{"attributes":{"can_be_used_for_project_versioning":{"type":"bool","description_kind":"plain","optional":true,"computed":true},"channels":{"type":["list","string"],"description":"The channels associated with this deployment action.","description_kind":"plain","optional":true},"condition":{"type":"string","description":"The condition associated with this deployment action.","description_kind":"plain","optional":true,"computed":true},"environments":{"type":["list","string"],"description":"The environments within which this deployment action will run.","description_kind":"plain","optional":true,"computed":true},"excluded_environments":{"type":["list","string"],"description":"The environments that this step will be skipped in","description_kind":"plain","optional":true},"id":{"type":"string","description":"The unique ID for this resource.","description_kind":"plain","optional":true,"computed":true},"is_disabled":{"type":"bool","description":"Indicates the disabled status of this deployment action.","description_kind":"plain","optional":true},"is_required":{"type":"bool","description":"Indicates the required status of this deployment action.","description_kind":"plain","optional":true},"name":{"type":"string","description":"The name of this resource.","description_kind":"plain","required":true},"notes":{"type":"string","description":"The notes associated with this deploymnt action.","description_kind":"plain","optional":true},"properties":{"type":["map","string"],"description":"The properties associated with this deployment action.","description_kind":"plain","optional":true,"computed":true},"run_on_server":{"type":"bool","description":"Whether this step runs on a worker or on the target","description_kind":"plain","optional":true},"script_file_name":{"type":"string","description":"The script file name in the package","description_kind":"plain","optional":true},"script_parameters":{"type":"string","description":"Parameters expected by the script. Use platform specific calling convention. e.g. -Path #{VariableStoringPath} for PowerShell or -- #{VariableStoringPath} for ScriptCS","description_kind":"plain","optional":true},"tenant_tags":{"type":["list","string"],"description":"A list of tenant tags associated with this resource.","description_kind":"plain","optional":true,"computed":true}},"block_types":{"container":{"nesting_mode":"list","block":{"attributes":{"feed_id":{"type":"string","description_kind":"plain","optional":true},"image":{"type":"string","description_kind":"plain","optional":true}},"description":"The deployment action container associated with this deployment action.","description_kind":"plain"}},"package":{"nesting_mode":"set","block":{"attributes":{"acquisition_location":{"type":"string","description":"Whether to acquire this package on the server ('Server'), target ('ExecutionTarget') or not at all ('NotAcquired'). Can be an expression","description_kind":"plain","optional":true},"extract_during_deployment":{"type":"bool","description":"Whether to extract the package during deployment","description_kind":"plain","optional":true},"feed_id":{"type":"string","description":"The feed ID associated with this package reference.","description_kind":"plain","optional":true},"id":{"type":"string","description":"The unique ID for this resource.","description_kind":"plain","optional":true,"computed":true},"name":{"type":"string","description":"The name of the package","description_kind":"plain","required":true},"package_id":{"type":"string","description":"The ID of the package","description_kind":"plain","required":true},"properties":{"type":["map","string"],"description_kind":"plain","optional":true}},"description":"The primary package for the action","description_kind":"plain"}},"primary_package":{"nesting_mode":"set","block":{"attributes":{"acquisition_location":{"type":"string","description":"Whether to acquire this package on the server ('Server'), target ('ExecutionTarget') or not at all ('NotAcquired'). Can be an expression","description_kind":"plain","optional":true},"feed_id":{"type":"string","description":"The feed ID associated with this package reference.","description_kind":"plain","optional":true},"id":{"type":"string","description":"The unique ID for this resource.","description_kind":"plain","optional":true,"computed":true},"name":{"type":"string","description":"The name of this resource.","description_kind":"plain","optional":true},"package_id":{"type":"string","description":"The ID of the package","description_kind":"plain","required":true},"properties":{"type":["map","string"],"description_kind":"plain","optional":true}},"description":"The primary package for the action","description_kind":"plain"},"max_items":1}},"description_kind":"plain"}},"run_script_action":{"nesting_mode":"list","block":{"attributes":{"can_be_used_for_project_versioning":{"type":"bool","description_kind":"plain","optional":true,"computed":true},"channels":{"type":["list","string"],"description":"The channels associated with this deployment action.","description_kind":"plain","optional":true},"condition":{"type":"string","description":"The condition associated with this deployment action.","description_kind":"plain","optional":true,"computed":true},"environments":{"type":["list","string"],"description":"The environments within which this deployment action will run.","description_kind":"plain","optional":true,"computed":true},"excluded_environments":{"type":["list","string"],"description":"The environments that this step will be skipped in","description_kind":"plain","optional":true},"id":{"type":"string","description":"The unique ID for this resource.","description_kind":"plain","optional":true,"computed":true},"is_disabled":{"type":"bool","description":"Indicates the disabled status of this deployment action.","description_kind":"plain","optional":true},"is_required":{"type":"bool","description":"Indicates the required status of this deployment action.","description_kind":"plain","optional":true},"name":{"type":"string","description":"The name of this resource.","description_kind":"plain","required":true},"notes":{"type":"string","description":"The notes associated with this deploymnt action.","description_kind":"plain","optional":true},"properties":{"type":["map","string"],"description":"The properties associated with this deployment action.","description_kind":"plain","optional":true,"computed":true},"run_on_server":{"type":"bool","description":"Whether this step runs on a worker or on the target","description_kind":"plain","optional":true},"script_file_name":{"type":"string","description":"The script file name in the package","description_kind":"plain","optional":true},"script_parameters":{"type":"string","description":"Parameters expected by the script. Use platform specific calling convention. e.g. -Path #{VariableStoringPath} for PowerShell or -- #{VariableStoringPath} for ScriptCS","description_kind":"plain","optional":true},"tenant_tags":{"type":["list","string"],"description":"A list of tenant tags associated with this resource.","description_kind":"plain","optional":true,"computed":true},"variable_substitution_in_files":{"type":"string","description":"A newline-separated list of file names to transform, relative to the package contents. Extended wildcard syntax is supported.","description_kind":"plain","optional":true}},"block_types":{"container":{"nesting_mode":"list","block":{"attributes":{"feed_id":{"type":"string","description_kind":"plain","optional":true},"image":{"type":"string","description_kind":"plain","optional":true}},"description":"The deployment action container associated with this deployment action.","description_kind":"plain"}},"package":{"nesting_mode":"set","block":{"attributes":{"acquisition_location":{"type":"string","description":"Whether to acquire this package on the server ('Server'), target ('ExecutionTarget') or not at all ('NotAcquired'). Can be an expression","description_kind":"plain","optional":true},"extract_during_deployment":{"type":"bool","description":"Whether to extract the package during deployment","description_kind":"plain","optional":true},"feed_id":{"type":"string","description":"The feed ID associated with this package reference.","description_kind":"plain","optional":true},"id":{"type":"string","description":"The unique ID for this resource.","description_kind":"plain","optional":true,"computed":true},"name":{"type":"string","description":"The name of the package","description_kind":"plain","required":true},"package_id":{"type":"string","description":"The ID of the package","description_kind":"plain","required":true},"properties":{"type":["map","string"],"description_kind":"plain","optional":true}},"description":"The primary package for the action","description_kind":"plain"}},"primary_package":{"nesting_mode":"set","block":{"attributes":{"acquisition_location":{"type":"string","description":"Whether to acquire this package on the server ('Server'), target ('ExecutionTarget') or not at all ('NotAcquired'). Can be an expression","description_kind":"plain","optional":true},"feed_id":{"type":"string","description":"The feed ID associated with this package reference.","description_kind":"plain","optional":true},"id":{"type":"string","description":"The unique ID for this resource.","description_kind":"plain","optional":true,"computed":true},"name":{"type":"string","description":"The name of this resource.","description_kind":"plain","optional":true},"package_id":{"type":"string","description":"The ID of the package","description_kind":"plain","required":true},"properties":{"type":["map","string"],"description_kind":"plain","optional":true}},"description":"The primary package for the action","description_kind":"plain"},"max_items":1}},"description_kind":"plain"}}},"description_kind":"plain"}}},"description":"This resource manages deployment processes in Octopus Deploy.","description_kind":"plain"}},"octopusdeploy_deployment_target":{"version":0,"block":{"attributes":{"environments":{"type":["list","string"],"description":"A list of environment IDs associated with this resource.","description_kind":"plain","required":true},"has_latest_calamari":{"type":"bool","description_kind":"plain","computed":true},"health_status":{"type":"string","description":"Represents the health status of this deployment target. Valid health statuses are `HasWarnings`, `Healthy`, `Unavailable`, `Unhealthy`, or `Unknown`.","description_kind":"plain","optional":true,"computed":true},"id":{"type":"string","description":"The unique ID for this resource.","description_kind":"plain","optional":true,"computed":true},"is_disabled":{"type":"bool","description_kind":"plain","optional":true,"computed":true},"is_in_process":{"type":"bool","description_kind":"plain","computed":true},"machine_policy_id":{"type":"string","description_kind":"plain","optional":true,"computed":true},"name":{"type":"string","description":"The name of this resource.","description_kind":"plain","required":true},"operating_system":{"type":"string","description_kind":"plain","optional":true,"computed":true},"roles":{"type":["list","string"],"description_kind":"plain","required":true},"shell_name":{"type":"string","description_kind":"plain","optional":true,"computed":true},"shell_version":{"type":"string","description_kind":"plain","optional":true,"computed":true},"space_id":{"type":"string","description":"The space ID associated with this resource.","description_kind":"plain","optional":true,"computed":true},"status":{"type":"string","description":"The status of this resource. Valid statuses are `CalamariNeedsUpgrade`, `Disabled`, `NeedsUpgrade`, `Offline`, `Online`, or `Unknown`.","description_kind":"plain","optional":true,"computed":true},"status_summary":{"type":"string","description":"A summary elaborating on the status of this resource.","description_kind":"plain","optional":true,"computed":true},"tenant_tags":{"type":["list","string"],"description":"A list of tenant tags associated with this resource.","description_kind":"plain","optional":true,"computed":true},"tenanted_deployment_participation":{"type":"string","description":"The tenanted deployment mode of the resource. Valid account types are `Untenanted`, `TenantedOrUntenanted`, or `Tenanted`.","description_kind":"plain","optional":true},"tenants":{"type":["list","string"],"description":"A list of tenant IDs associated with this resource.","description_kind":"plain","optional":true},"thumbprint":{"type":"string","description_kind":"plain","optional":true,"computed":true},"uri":{"type":"string","description_kind":"plain","optional":true,"computed":true}},"block_types":{"endpoint":{"nesting_mode":"list","block":{"attributes":{"aad_client_credential_secret":{"type":"string","description_kind":"plain","optional":true},"aad_credential_type":{"type":"string","description_kind":"plain","optional":true},"aad_user_credential_username":{"type":"string","description_kind":"plain","optional":true},"account_id":{"type":"string","description_kind":"plain","optional":true},"applications_directory":{"type":"string","description_kind":"plain","optional":true},"certificate_signature_algorithm":{"type":"string","description_kind":"plain","optional":true},"certificate_store_location":{"type":"string","description_kind":"plain","optional":true},"certificate_store_name":{"type":"string","description_kind":"plain","optional":true},"client_certificate_variable":{"type":"string","description_kind":"plain","optional":true},"cloud_service_name":{"type":"string","description_kind":"plain","optional":true},"cluster_certificate":{"type":"string","description_kind":"plain","optional":true},"cluster_url":{"type":"string","description_kind":"plain","optional":true},"communication_style":{"type":"string","description_kind":"plain","required":true},"connection_endpoint":{"type":"string","description_kind":"plain","optional":true},"default_worker_pool_id":{"type":"string","description_kind":"plain","optional":true},"dot_net_core_platform":{"type":"string","description_kind":"plain","optional":true},"fingerprint":{"type":"string","description_kind":"plain","optional":true},"host":{"type":"string","description_kind":"plain","optional":true},"id":{"type":"string","description":"The unique ID for this resource.","description_kind":"plain","optional":true,"computed":true},"namespace":{"type":"string","description_kind":"plain","optional":true},"port":{"type":"number","description_kind":"plain","optional":true},"proxy_id":{"type":"string","description_kind":"plain","optional":true},"resource_group_name":{"type":"string","description_kind":"plain","optional":true},"running_in_container":{"type":"bool","description_kind":"plain","optional":true},"security_mode":{"type":"string","description_kind":"plain","optional":true},"server_certificate_thumbprint":{"type":"string","description_kind":"plain","optional":true},"skip_tls_verification":{"type":"bool","description_kind":"plain","optional":true},"slot":{"type":"string","description_kind":"plain","optional":true},"storage_account_name":{"type":"string","description_kind":"plain","optional":true},"swap_if_possible":{"type":"bool","description_kind":"plain","optional":true},"thumbprint":{"type":"string","description_kind":"plain","optional":true},"uri":{"type":"string","description_kind":"plain","optional":true},"use_current_instance_count":{"type":"bool","description_kind":"plain","optional":true},"web_app_name":{"type":"string","description_kind":"plain","optional":true},"web_app_slot_name":{"type":"string","description_kind":"plain","optional":true},"working_directory":{"type":"string","description_kind":"plain","optional":true}},"block_types":{"authentication":{"nesting_mode":"set","block":{"attributes":{"account_id":{"type":"string","description_kind":"plain","optional":true},"admin_login":{"type":"string","description_kind":"plain","optional":true},"assume_role":{"type":"bool","description_kind":"plain","optional":true},"assume_role_external_id":{"type":"string","description_kind":"plain","optional":true},"assume_role_session_duration":{"type":"number","description_kind":"plain","optional":true},"assumed_role_arn":{"type":"string","description_kind":"plain","optional":true},"assumed_role_session":{"type":"string","description_kind":"plain","optional":true},"authentication_type":{"type":"string","description_kind":"plain","optional":true},"client_certificate":{"type":"string","description_kind":"plain","optional":true},"cluster_name":{"type":"string","description_kind":"plain","optional":true},"cluster_resource_group":{"type":"string","description_kind":"plain","optional":true},"use_instance_role":{"type":"bool","description_kind":"plain","optional":true}},"description_kind":"plain"},"max_items":1},"container":{"nesting_mode":"list","block":{"attributes":{"feed_id":{"type":"string","description_kind":"plain","optional":true},"image":{"type":"string","description_kind":"plain","optional":true}},"description_kind":"plain"}},"destination":{"nesting_mode":"list","block":{"attributes":{"destination_type":{"type":"string","description_kind":"plain","optional":true},"drop_folder_path":{"type":"string","description_kind":"plain","optional":true}},"description_kind":"plain"}},"tentacle_version_details":{"nesting_mode":"list","block":{"attributes":{"upgrade_locked":{"type":"bool","description_kind":"plain","optional":true,"computed":true},"upgrade_required":{"type":"bool","description_kind":"plain","optional":true,"computed":true},"upgrade_suggested":{"type":"bool","description_kind":"plain","optional":true,"computed":true},"version":{"type":"string","description_kind":"plain","optional":true,"computed":true}},"description_kind":"plain"}}},"description_kind":"plain"}}},"description_kind":"plain"}},"octopusdeploy_environment":{"version":0,"block":{"attributes":{"allow_dynamic_infrastructure":{"type":"bool","description_kind":"plain","optional":true},"description":{"type":"string","description":"The description of this resource.","description_kind":"plain","optional":true},"id":{"type":"string","description":"The unique ID for this resource.","description_kind":"plain","optional":true,"computed":true},"name":{"type":"string","description":"The name of this resource.","description_kind":"plain","required":true},"sort_order":{"type":"number","description_kind":"plain","computed":true},"use_guided_failure":{"type":"bool","description_kind":"plain","optional":true}},"description":"This resource manages environments in Octopus Deploy.","description_kind":"plain"}},"octopusdeploy_feed":{"version":0,"block":{"attributes":{"access_key":{"type":"string","description_kind":"plain","optional":true},"api_version":{"type":"string","description_kind":"plain","optional":true},"delete_unreleased_packages_after_days":{"type":"number","description_kind":"plain","optional":true},"download_attempts":{"type":"number","description_kind":"plain","optional":true},"download_retry_backoff_seconds":{"type":"number","description_kind":"plain","optional":true},"feed_type":{"type":"string","description_kind":"plain","optional":true},"feed_uri":{"type":"string","description_kind":"plain","required":true},"id":{"type":"string","description":"The unique ID for this resource.","description_kind":"plain","optional":true,"computed":true},"is_enhanced_mode":{"type":"bool","description_kind":"plain","optional":true},"name":{"type":"string","description":"The name of this resource.","description_kind":"plain","required":true},"package_acquisition_location_options":{"type":["list","string"],"description_kind":"plain","optional":true,"computed":true},"password":{"type":"string","description":"The password associated with this resource.","description_kind":"plain","optional":true,"sensitive":true},"region":{"type":"string","description_kind":"plain","computed":true},"registry_path":{"type":"string","description_kind":"plain","optional":true},"secret_key":{"type":"string","description_kind":"plain","optional":true,"sensitive":true},"space_id":{"type":"string","description":"The space ID associated with this resource.","description_kind":"plain","optional":true,"computed":true},"username":{"type":"string","description":"The username associated with this resource.","description_kind":"plain","optional":true,"sensitive":true}},"description_kind":"plain"}},"octopusdeploy_kubernetes_cluster_deployment_target":{"version":0,"block":{"attributes":{"cluster_certificate":{"type":"string","description_kind":"plain","optional":true},"cluster_url":{"type":"string","description_kind":"plain","required":true},"default_worker_pool_id":{"type":"string","description_kind":"plain","optional":true},"environments":{"type":["list","string"],"description":"A list of environment IDs associated with this resource.","description_kind":"plain","required":true},"has_latest_calamari":{"type":"bool","description_kind":"plain","computed":true},"health_status":{"type":"string","description":"Represents the health status of this deployment target. Valid health statuses are `HasWarnings`, `Healthy`, `Unavailable`, `Unhealthy`, or `Unknown`.","description_kind":"plain","optional":true,"computed":true},"id":{"type":"string","description":"The unique ID for this resource.","description_kind":"plain","optional":true,"computed":true},"is_disabled":{"type":"bool","description_kind":"plain","optional":true,"computed":true},"is_in_process":{"type":"bool","description_kind":"plain","computed":true},"machine_policy_id":{"type":"string","description_kind":"plain","optional":true,"computed":true},"name":{"type":"string","description":"The name of this resource.","description_kind":"plain","required":true},"namespace":{"type":"string","description_kind":"plain","optional":true},"operating_system":{"type":"string","description_kind":"plain","optional":true,"computed":true},"proxy_id":{"type":"string","description_kind":"plain","optional":true},"roles":{"type":["list","string"],"description_kind":"plain","required":true},"running_in_container":{"type":"bool","description_kind":"plain","optional":true},"shell_name":{"type":"string","description_kind":"plain","optional":true,"computed":true},"shell_version":{"type":"string","description_kind":"plain","optional":true,"computed":true},"skip_tls_verification":{"type":"bool","description_kind":"plain","optional":true},"space_id":{"type":"string","description":"The space ID associated with this resource.","description_kind":"plain","optional":true,"computed":true},"status":{"type":"string","description":"The status of this resource. Valid statuses are `CalamariNeedsUpgrade`, `Disabled`, `NeedsUpgrade`, `Offline`, `Online`, or `Unknown`.","description_kind":"plain","optional":true,"computed":true},"status_summary":{"type":"string","description":"A summary elaborating on the status of this resource.","description_kind":"plain","optional":true,"computed":true},"tenant_tags":{"type":["list","string"],"description":"A list of tenant tags associated with this resource.","description_kind":"plain","optional":true,"computed":true},"tenanted_deployment_participation":{"type":"string","description":"The tenanted deployment mode of the resource. Valid account types are `Untenanted`, `TenantedOrUntenanted`, or `Tenanted`.","description_kind":"plain","optional":true},"tenants":{"type":["list","string"],"description":"A list of tenant IDs associated with this resource.","description_kind":"plain","optional":true},"thumbprint":{"type":"string","description_kind":"plain","optional":true,"computed":true},"uri":{"type":"string","description_kind":"plain","optional":true,"computed":true}},"block_types":{"authentication":{"nesting_mode":"list","block":{"attributes":{"account_id":{"type":"string","description_kind":"plain","optional":true}},"description_kind":"plain"},"max_items":1},"aws_account_authentication":{"nesting_mode":"list","block":{"attributes":{"account_id":{"type":"string","description_kind":"plain","required":true},"assume_role":{"type":"bool","description_kind":"plain","optional":true},"assume_role_external_id":{"type":"string","description_kind":"plain","optional":true},"assume_role_session_duration":{"type":"number","description_kind":"plain","optional":true},"assumed_role_arn":{"type":"string","description_kind":"plain","optional":true},"assumed_role_session":{"type":"string","description_kind":"plain","optional":true},"cluster_name":{"type":"string","description_kind":"plain","required":true},"use_instance_role":{"type":"bool","description_kind":"plain","optional":true}},"description_kind":"plain"},"max_items":1},"azure_service_principal_authentication":{"nesting_mode":"list","block":{"attributes":{"account_id":{"type":"string","description_kind":"plain","required":true},"cluster_name":{"type":"string","description_kind":"plain","required":true},"cluster_resource_group":{"type":"string","description_kind":"plain","required":true}},"description_kind":"plain"},"max_items":1},"certificate_authentication":{"nesting_mode":"set","block":{"attributes":{"client_certificate":{"type":"string","description_kind":"plain","optional":true}},"description_kind":"plain"},"max_items":1},"container":{"nesting_mode":"list","block":{"attributes":{"feed_id":{"type":"string","description_kind":"plain","optional":true},"image":{"type":"string","description_kind":"plain","optional":true}},"description_kind":"plain"}},"endpoint":{"nesting_mode":"list","block":{"attributes":{"aad_client_credential_secret":{"type":"string","description_kind":"plain","optional":true},"aad_credential_type":{"type":"string","description_kind":"plain","optional":true},"aad_user_credential_username":{"type":"string","description_kind":"plain","optional":true},"account_id":{"type":"string","description_kind":"plain","optional":true},"applications_directory":{"type":"string","description_kind":"plain","optional":true},"certificate_signature_algorithm":{"type":"string","description_kind":"plain","optional":true},"certificate_store_location":{"type":"string","description_kind":"plain","optional":true},"certificate_store_name":{"type":"string","description_kind":"plain","optional":true},"client_certificate_variable":{"type":"string","description_kind":"plain","optional":true},"cloud_service_name":{"type":"string","description_kind":"plain","optional":true},"cluster_certificate":{"type":"string","description_kind":"plain","optional":true},"cluster_url":{"type":"string","description_kind":"plain","optional":true},"communication_style":{"type":"string","description_kind":"plain","required":true},"connection_endpoint":{"type":"string","description_kind":"plain","optional":true},"default_worker_pool_id":{"type":"string","description_kind":"plain","optional":true},"dot_net_core_platform":{"type":"string","description_kind":"plain","optional":true},"fingerprint":{"type":"string","description_kind":"plain","optional":true},"host":{"type":"string","description_kind":"plain","optional":true},"id":{"type":"string","description":"The unique ID for this resource.","description_kind":"plain","optional":true,"computed":true},"namespace":{"type":"string","description_kind":"plain","optional":true},"port":{"type":"number","description_kind":"plain","optional":true},"proxy_id":{"type":"string","description_kind":"plain","optional":true},"resource_group_name":{"type":"string","description_kind":"plain","optional":true},"running_in_container":{"type":"bool","description_kind":"plain","optional":true},"security_mode":{"type":"string","description_kind":"plain","optional":true},"server_certificate_thumbprint":{"type":"string","description_kind":"plain","optional":true},"skip_tls_verification":{"type":"bool","description_kind":"plain","optional":true},"slot":{"type":"string","description_kind":"plain","optional":true},"storage_account_name":{"type":"string","description_kind":"plain","optional":true},"swap_if_possible":{"type":"bool","description_kind":"plain","optional":true},"thumbprint":{"type":"string","description_kind":"plain","optional":true},"uri":{"type":"string","description_kind":"plain","optional":true},"use_current_instance_count":{"type":"bool","description_kind":"plain","optional":true},"web_app_name":{"type":"string","description_kind":"plain","optional":true},"web_app_slot_name":{"type":"string","description_kind":"plain","optional":true},"working_directory":{"type":"string","description_kind":"plain","optional":true}},"block_types":{"authentication":{"nesting_mode":"set","block":{"attributes":{"account_id":{"type":"string","description_kind":"plain","optional":true},"admin_login":{"type":"string","description_kind":"plain","optional":true},"assume_role":{"type":"bool","description_kind":"plain","optional":true},"assume_role_external_id":{"type":"string","description_kind":"plain","optional":true},"assume_role_session_duration":{"type":"number","description_kind":"plain","optional":true},"assumed_role_arn":{"type":"string","description_kind":"plain","optional":true},"assumed_role_session":{"type":"string","description_kind":"plain","optional":true},"authentication_type":{"type":"string","description_kind":"plain","optional":true},"client_certificate":{"type":"string","description_kind":"plain","optional":true},"cluster_name":{"type":"string","description_kind":"plain","optional":true},"cluster_resource_group":{"type":"string","description_kind":"plain","optional":true},"use_instance_role":{"type":"bool","description_kind":"plain","optional":true}},"description_kind":"plain"},"max_items":1},"container":{"nesting_mode":"list","block":{"attributes":{"feed_id":{"type":"string","description_kind":"plain","optional":true},"image":{"type":"string","description_kind":"plain","optional":true}},"description_kind":"plain"}},"destination":{"nesting_mode":"list","block":{"attributes":{"destination_type":{"type":"string","description_kind":"plain","optional":true},"drop_folder_path":{"type":"string","description_kind":"plain","optional":true}},"description_kind":"plain"}},"tentacle_version_details":{"nesting_mode":"list","block":{"attributes":{"upgrade_locked":{"type":"bool","description_kind":"plain","optional":true,"computed":true},"upgrade_required":{"type":"bool","description_kind":"plain","optional":true,"computed":true},"upgrade_suggested":{"type":"bool","description_kind":"plain","optional":true,"computed":true},"version":{"type":"string","description_kind":"plain","optional":true,"computed":true}},"description_kind":"plain"}}},"description_kind":"plain"}}},"description":"This resource manages Kubernets cluster deployment targets in Octopus Deploy.","description_kind":"plain"}},"octopusdeploy_library_variable_set":{"version":0,"block":{"attributes":{"description":{"type":"string","description":"The description of this resource.","description_kind":"plain","optional":true},"id":{"type":"string","description_kind":"plain","optional":true,"computed":true},"name":{"type":"string","description":"The name of this resource.","description_kind":"plain","required":true},"space_id":{"type":"string","description":"The space ID associated with this resource.","description_kind":"plain","optional":true,"computed":true},"variable_set_id":{"type":"string","description_kind":"plain","computed":true}},"block_types":{"template":{"nesting_mode":"list","block":{"attributes":{"default_value":{"type":"string","description":"A default value for the parameter, if applicable. This can be a hard-coded value or a variable reference.","description_kind":"plain","optional":true},"display_settings":{"type":["map","string"],"description":"The display settings for the parameter.","description_kind":"plain","optional":true},"help_text":{"type":"string","description":"The help presented alongside the parameter input.","description_kind":"plain","optional":true},"id":{"type":"string","description":"The unique ID for this resource.","description_kind":"plain","optional":true,"computed":true},"label":{"type":"string","description":"The label shown beside the parameter when presented in the deployment process. Example: `Server name`.","description_kind":"plain","optional":true},"name":{"type":"string","description":"The name of the variable set by the parameter. The name can contain letters, digits, dashes and periods. Example: `ServerName`.","description_kind":"plain","required":true}},"description_kind":"plain"}}},"description_kind":"plain"}},"octopusdeploy_lifecycle":{"version":0,"block":{"attributes":{"description":{"type":"string","description":"The description of this resource.","description_kind":"plain","optional":true},"id":{"type":"string","description":"The unique ID for this resource.","description_kind":"plain","optional":true,"computed":true},"name":{"type":"string","description":"The name of this resource.","description_kind":"plain","required":true},"space_id":{"type":"string","description":"The space ID associated with this resource.","description_kind":"plain","optional":true,"computed":true}},"block_types":{"phase":{"nesting_mode":"list","block":{"attributes":{"automatic_deployment_targets":{"type":["list","string"],"description":"Environment IDs in this phase that a release is automatically deployed to when it is eligible for this phase","description_kind":"plain","optional":true},"id":{"type":"string","description":"The unique ID for this resource.","description_kind":"plain","optional":true,"computed":true},"is_optional_phase":{"type":"bool","description":"If false a release must be deployed to this phase before it can be deployed to the next phase.","description_kind":"plain","optional":true},"minimum_environments_before_promotion":{"type":"number","description":"The number of units required before a release can enter the next phase. If 0, all environments are required.","description_kind":"plain","optional":true},"name":{"type":"string","description":"The name of this resource.","description_kind":"plain","required":true},"optional_deployment_targets":{"type":["list","string"],"description":"Environment IDs in this phase that a release can be deployed to, but is not automatically deployed to","description_kind":"plain","optional":true}},"block_types":{"release_retention_policy":{"nesting_mode":"list","block":{"attributes":{"quantity_to_keep":{"type":"number","description":"The number of days/releases to keep. The default value is `30`. If `0` then all are kept.","description_kind":"plain","optional":true},"should_keep_forever":{"type":"bool","description":"Indicates if items should never be deleted. The default value is `false`.","description_kind":"plain","optional":true},"unit":{"type":"string","description":"The unit of quantity to keep. Valid units are `Days` or `Items`. The default value is `Days`.","description_kind":"plain","optional":true}},"description_kind":"plain"},"max_items":1},"tentacle_retention_policy":{"nesting_mode":"list","block":{"attributes":{"quantity_to_keep":{"type":"number","description":"The number of days/releases to keep. The default value is `30`. If `0` then all are kept.","description_kind":"plain","optional":true},"should_keep_forever":{"type":"bool","description":"Indicates if items should never be deleted. The default value is `false`.","description_kind":"plain","optional":true},"unit":{"type":"string","description":"The unit of quantity to keep. Valid units are `Days` or `Items`. The default value is `Days`.","description_kind":"plain","optional":true}},"description_kind":"plain"},"max_items":1}},"description_kind":"plain"}},"release_retention_policy":{"nesting_mode":"list","block":{"attributes":{"quantity_to_keep":{"type":"number","description":"The number of days/releases to keep. The default value is `30`. If `0` then all are kept.","description_kind":"plain","optional":true},"should_keep_forever":{"type":"bool","description":"Indicates if items should never be deleted. The default value is `false`.","description_kind":"plain","optional":true},"unit":{"type":"string","description":"The unit of quantity to keep. Valid units are `Days` or `Items`. The default value is `Days`.","description_kind":"plain","optional":true}},"description_kind":"plain"},"max_items":1},"tentacle_retention_policy":{"nesting_mode":"list","block":{"attributes":{"quantity_to_keep":{"type":"number","description":"The number of days/releases to keep. The default value is `30`. If `0` then all are kept.","description_kind":"plain","optional":true},"should_keep_forever":{"type":"bool","description":"Indicates if items should never be deleted. The default value is `false`.","description_kind":"plain","optional":true},"unit":{"type":"string","description":"The unit of quantity to keep. Valid units are `Days` or `Items`. The default value is `Days`.","description_kind":"plain","optional":true}},"description_kind":"plain"},"max_items":1}},"description":"This resource manages lifecycles in Octopus Deploy.","description_kind":"plain"}},"octopusdeploy_listening_tentacle_deployment_target":{"version":0,"block":{"attributes":{"certificate_signature_algorithm":{"type":"string","description_kind":"plain","optional":true,"computed":true},"environments":{"type":["list","string"],"description":"A list of environment IDs associated with this resource.","description_kind":"plain","optional":true,"computed":true},"has_latest_calamari":{"type":"bool","description_kind":"plain","computed":true},"health_status":{"type":"string","description":"Represents the health status of this deployment target. Valid health statuses are `HasWarnings`, `Healthy`, `Unavailable`, `Unhealthy`, or `Unknown`.","description_kind":"plain","optional":true,"computed":true},"id":{"type":"string","description":"The unique ID for this resource.","description_kind":"plain","optional":true,"computed":true},"is_disabled":{"type":"bool","description":"Represents the disabled status of this deployment target.","description_kind":"plain","optional":true,"computed":true},"is_in_process":{"type":"bool","description":"Represents the in-process status of this deployment target.","description_kind":"plain","optional":true,"computed":true},"machine_policy_id":{"type":"string","description":"The machine policy ID that is associated with this deployment target.","description_kind":"plain","optional":true,"computed":true},"name":{"type":"string","description":"The name of this resource.","description_kind":"plain","required":true},"operating_system":{"type":"string","description":"The operating system that is associated with this deployment target.","description_kind":"plain","optional":true,"computed":true},"proxy_id":{"type":"string","description":"The proxy ID that is associated with this deployment target.","description_kind":"plain","optional":true,"computed":true},"roles":{"type":["list","string"],"description":"A list of role IDs that are associated with this deployment target.","description_kind":"plain","required":true},"shell_name":{"type":"string","description":"The shell name associated with this deployment target.","description_kind":"plain","optional":true,"computed":true},"shell_version":{"type":"string","description":"The shell version associated with this deployment target.","description_kind":"plain","optional":true,"computed":true},"space_id":{"type":"string","description":"The space ID associated with this resource.","description_kind":"plain","optional":true,"computed":true},"status":{"type":"string","description":"The status of this resource. Valid statuses are `CalamariNeedsUpgrade`, `Disabled`, `NeedsUpgrade`, `Offline`, `Online`, or `Unknown`.","description_kind":"plain","optional":true,"computed":true},"status_summary":{"type":"string","description":"A summary elaborating on the status of this resource.","description_kind":"plain","optional":true,"computed":true},"tenant_tags":{"type":["list","string"],"description":"A list of tenant tags associated with this resource.","description_kind":"plain","optional":true,"computed":true},"tenanted_deployment_participation":{"type":"string","description":"The tenanted deployment mode of the resource. Valid account types are `Untenanted`, `TenantedOrUntenanted`, or `Tenanted`.","description_kind":"plain","optional":true},"tenants":{"type":["list","string"],"description":"A list of tenant IDs associated with this resource.","description_kind":"plain","optional":true},"tentacle_url":{"type":"string","description":"The tenant URL of this deployment target.","description_kind":"plain","required":true},"thumbprint":{"type":"string","description":"The thumbprint of this deployment target.","description_kind":"plain","optional":true,"computed":true},"uri":{"type":"string","description":"The URI of this deployment target.","description_kind":"plain","optional":true,"computed":true}},"block_types":{"tentacle_version_details":{"nesting_mode":"list","block":{"attributes":{"upgrade_locked":{"type":"bool","description_kind":"plain","optional":true,"computed":true},"upgrade_required":{"type":"bool","description_kind":"plain","optional":true,"computed":true},"upgrade_suggested":{"type":"bool","description_kind":"plain","optional":true,"computed":true},"version":{"type":"string","description_kind":"plain","optional":true,"computed":true}},"description_kind":"plain"}}},"description":"This resource manages listening tentacle deployment targets in Octopus Deploy.","description_kind":"plain"}},"octopusdeploy_machine_policy":{"version":0,"block":{"attributes":{"connection_connect_timeout":{"type":"number","description_kind":"plain","optional":true,"computed":true},"connection_retry_count_limit":{"type":"number","description_kind":"plain","optional":true,"computed":true},"connection_retry_sleep_interval":{"type":"number","description_kind":"plain","optional":true,"computed":true},"connection_retry_time_limit":{"type":"number","description_kind":"plain","optional":true,"computed":true},"description":{"type":"string","description":"The description of this resource.","description_kind":"plain","optional":true},"id":{"type":"string","description":"The unique ID for this resource.","description_kind":"plain","optional":true,"computed":true},"is_default":{"type":"bool","description_kind":"plain","computed":true},"name":{"type":"string","description":"The name of this resource.","description_kind":"plain","required":true},"polling_request_maximum_message_processing_timeout":{"type":"number","description_kind":"plain","optional":true,"computed":true},"polling_request_queue_timeout":{"type":"number","description_kind":"plain","optional":true,"computed":true},"space_id":{"type":"string","description":"The space ID associated with this resource.","description_kind":"plain","optional":true,"computed":true}},"block_types":{"machine_cleanup_policy":{"nesting_mode":"set","block":{"attributes":{"delete_machines_behavior":{"type":"string","description_kind":"plain","optional":true},"delete_machines_elapsed_timespan":{"type":"number","description_kind":"plain","optional":true,"computed":true}},"description_kind":"plain"},"max_items":1},"machine_connectivity_policy":{"nesting_mode":"set","block":{"attributes":{"machine_connectivity_behavior":{"type":"string","description_kind":"plain","optional":true}},"description_kind":"plain"},"max_items":1},"machine_health_check_policy":{"nesting_mode":"set","block":{"attributes":{"health_check_cron":{"type":"string","description_kind":"plain","optional":true},"health_check_cron_timezone":{"type":"string","description_kind":"plain","optional":true},"health_check_interval":{"type":"number","description_kind":"plain","optional":true},"health_check_type":{"type":"string","description_kind":"plain","optional":true}},"block_types":{"bash_health_check_policy":{"nesting_mode":"list","block":{"attributes":{"run_type":{"type":"string","description_kind":"plain","optional":true},"script_body":{"type":"string","description_kind":"plain","optional":true}},"description_kind":"plain"},"max_items":1},"powershell_health_check_policy":{"nesting_mode":"list","block":{"attributes":{"run_type":{"type":"string","description_kind":"plain","optional":true},"script_body":{"type":"string","description_kind":"plain","optional":true}},"description_kind":"plain"},"max_items":1}},"description_kind":"plain"},"max_items":1},"machine_update_policy":{"nesting_mode":"set","block":{"attributes":{"calamari_update_behavior":{"type":"string","description_kind":"plain","optional":true},"tentacle_update_account_id":{"type":"string","description_kind":"plain","optional":true},"tentacle_update_behavior":{"type":"string","description_kind":"plain","optional":true}},"description_kind":"plain"},"max_items":1}},"description":"This resource manages machine policies in Octopus Deploy.","description_kind":"plain"}},"octopusdeploy_nuget_feed":{"version":0,"block":{"attributes":{"download_attempts":{"type":"number","description_kind":"plain","optional":true},"download_retry_backoff_seconds":{"type":"number","description_kind":"plain","optional":true},"feed_uri":{"type":"string","description_kind":"plain","required":true},"id":{"type":"string","description_kind":"plain","optional":true,"computed":true},"is_enhanced_mode":{"type":"bool","description_kind":"plain","optional":true},"name":{"type":"string","description":"The name of this resource.","description_kind":"plain","required":true},"password":{"type":"string","description":"The password associated with this resource.","description_kind":"plain","optional":true,"sensitive":true},"username":{"type":"string","description":"The username associated with this resource.","description_kind":"plain","optional":true,"sensitive":true}},"description_kind":"plain"}},"octopusdeploy_offline_package_drop_deployment_target":{"version":0,"block":{"attributes":{"applications_directory":{"type":"string","description_kind":"plain","required":true},"environments":{"type":["list","string"],"description":"A list of environment IDs associated with this resource.","description_kind":"plain","required":true},"has_latest_calamari":{"type":"bool","description_kind":"plain","computed":true},"health_status":{"type":"string","description":"Represents the health status of this deployment target. Valid health statuses are `HasWarnings`, `Healthy`, `Unavailable`, `Unhealthy`, or `Unknown`.","description_kind":"plain","optional":true,"computed":true},"id":{"type":"string","description":"The unique ID for this resource.","description_kind":"plain","optional":true,"computed":true},"is_disabled":{"type":"bool","description_kind":"plain","optional":true,"computed":true},"is_in_process":{"type":"bool","description_kind":"plain","computed":true},"machine_policy_id":{"type":"string","description_kind":"plain","optional":true,"computed":true},"name":{"type":"string","description":"The name of this resource.","description_kind":"plain","required":true},"operating_system":{"type":"string","description_kind":"plain","optional":true,"computed":true},"roles":{"type":["list","string"],"description_kind":"plain","required":true},"shell_name":{"type":"string","description_kind":"plain","optional":true,"computed":true},"shell_version":{"type":"string","description_kind":"plain","optional":true,"computed":true},"space_id":{"type":"string","description":"The space ID associated with this resource.","description_kind":"plain","optional":true,"computed":true},"status":{"type":"string","description":"The status of this resource. Valid statuses are `CalamariNeedsUpgrade`, `Disabled`, `NeedsUpgrade`, `Offline`, `Online`, or `Unknown`.","description_kind":"plain","optional":true,"computed":true},"status_summary":{"type":"string","description":"A summary elaborating on the status of this resource.","description_kind":"plain","optional":true,"computed":true},"tenant_tags":{"type":["list","string"],"description":"A list of tenant tags associated with this resource.","description_kind":"plain","optional":true,"computed":true},"tenanted_deployment_participation":{"type":"string","description":"The tenanted deployment mode of the resource. Valid account types are `Untenanted`, `TenantedOrUntenanted`, or `Tenanted`.","description_kind":"plain","optional":true},"tenants":{"type":["list","string"],"description":"A list of tenant IDs associated with this resource.","description_kind":"plain","optional":true},"thumbprint":{"type":"string","description_kind":"plain","optional":true,"computed":true},"uri":{"type":"string","description_kind":"plain","optional":true,"computed":true},"working_directory":{"type":"string","description_kind":"plain","required":true}},"block_types":{"destination":{"nesting_mode":"list","block":{"attributes":{"destination_type":{"type":"string","description_kind":"plain","optional":true},"drop_folder_path":{"type":"string","description_kind":"plain","optional":true}},"description_kind":"plain"},"max_items":1},"endpoint":{"nesting_mode":"list","block":{"attributes":{"aad_client_credential_secret":{"type":"string","description_kind":"plain","optional":true},"aad_credential_type":{"type":"string","description_kind":"plain","optional":true},"aad_user_credential_username":{"type":"string","description_kind":"plain","optional":true},"account_id":{"type":"string","description_kind":"plain","optional":true},"applications_directory":{"type":"string","description_kind":"plain","optional":true},"certificate_signature_algorithm":{"type":"string","description_kind":"plain","optional":true},"certificate_store_location":{"type":"string","description_kind":"plain","optional":true},"certificate_store_name":{"type":"string","description_kind":"plain","optional":true},"client_certificate_variable":{"type":"string","description_kind":"plain","optional":true},"cloud_service_name":{"type":"string","description_kind":"plain","optional":true},"cluster_certificate":{"type":"string","description_kind":"plain","optional":true},"cluster_url":{"type":"string","description_kind":"plain","optional":true},"communication_style":{"type":"string","description_kind":"plain","required":true},"connection_endpoint":{"type":"string","description_kind":"plain","optional":true},"default_worker_pool_id":{"type":"string","description_kind":"plain","optional":true},"dot_net_core_platform":{"type":"string","description_kind":"plain","optional":true},"fingerprint":{"type":"string","description_kind":"plain","optional":true},"host":{"type":"string","description_kind":"plain","optional":true},"id":{"type":"string","description":"The unique ID for this resource.","description_kind":"plain","optional":true,"computed":true},"namespace":{"type":"string","description_kind":"plain","optional":true},"port":{"type":"number","description_kind":"plain","optional":true},"proxy_id":{"type":"string","description_kind":"plain","optional":true},"resource_group_name":{"type":"string","description_kind":"plain","optional":true},"running_in_container":{"type":"bool","description_kind":"plain","optional":true},"security_mode":{"type":"string","description_kind":"plain","optional":true},"server_certificate_thumbprint":{"type":"string","description_kind":"plain","optional":true},"skip_tls_verification":{"type":"bool","description_kind":"plain","optional":true},"slot":{"type":"string","description_kind":"plain","optional":true},"storage_account_name":{"type":"string","description_kind":"plain","optional":true},"swap_if_possible":{"type":"bool","description_kind":"plain","optional":true},"thumbprint":{"type":"string","description_kind":"plain","optional":true},"uri":{"type":"string","description_kind":"plain","optional":true},"use_current_instance_count":{"type":"bool","description_kind":"plain","optional":true},"web_app_name":{"type":"string","description_kind":"plain","optional":true},"web_app_slot_name":{"type":"string","description_kind":"plain","optional":true},"working_directory":{"type":"string","description_kind":"plain","optional":true}},"block_types":{"authentication":{"nesting_mode":"set","block":{"attributes":{"account_id":{"type":"string","description_kind":"plain","optional":true},"admin_login":{"type":"string","description_kind":"plain","optional":true},"assume_role":{"type":"bool","description_kind":"plain","optional":true},"assume_role_external_id":{"type":"string","description_kind":"plain","optional":true},"assume_role_session_duration":{"type":"number","description_kind":"plain","optional":true},"assumed_role_arn":{"type":"string","description_kind":"plain","optional":true},"assumed_role_session":{"type":"string","description_kind":"plain","optional":true},"authentication_type":{"type":"string","description_kind":"plain","optional":true},"client_certificate":{"type":"string","description_kind":"plain","optional":true},"cluster_name":{"type":"string","description_kind":"plain","optional":true},"cluster_resource_group":{"type":"string","description_kind":"plain","optional":true},"use_instance_role":{"type":"bool","description_kind":"plain","optional":true}},"description_kind":"plain"},"max_items":1},"container":{"nesting_mode":"list","block":{"attributes":{"feed_id":{"type":"string","description_kind":"plain","optional":true},"image":{"type":"string","description_kind":"plain","optional":true}},"description_kind":"plain"}},"destination":{"nesting_mode":"list","block":{"attributes":{"destination_type":{"type":"string","description_kind":"plain","optional":true},"drop_folder_path":{"type":"string","description_kind":"plain","optional":true}},"description_kind":"plain"}},"tentacle_version_details":{"nesting_mode":"list","block":{"attributes":{"upgrade_locked":{"type":"bool","description_kind":"plain","optional":true,"computed":true},"upgrade_required":{"type":"bool","description_kind":"plain","optional":true,"computed":true},"upgrade_suggested":{"type":"bool","description_kind":"plain","optional":true,"computed":true},"version":{"type":"string","description_kind":"plain","optional":true,"computed":true}},"description_kind":"plain"}}},"description_kind":"plain"}}},"description":"This resource manages offline package drop deployment targets in Octopus Deploy.","description_kind":"plain"}},"octopusdeploy_polling_tentacle_deployment_target":{"version":0,"block":{"attributes":{"certificate_signature_algorithm":{"type":"string","description_kind":"plain","optional":true},"environments":{"type":["list","string"],"description":"A list of environment IDs associated with this resource.","description_kind":"plain","required":true},"has_latest_calamari":{"type":"bool","description_kind":"plain","computed":true},"health_status":{"type":"string","description":"Represents the health status of this deployment target. Valid health statuses are `HasWarnings`, `Healthy`, `Unavailable`, `Unhealthy`, or `Unknown`.","description_kind":"plain","optional":true,"computed":true},"id":{"type":"string","description":"The unique ID for this resource.","description_kind":"plain","optional":true,"computed":true},"is_disabled":{"type":"bool","description_kind":"plain","optional":true,"computed":true},"is_in_process":{"type":"bool","description_kind":"plain","computed":true},"machine_policy_id":{"type":"string","description_kind":"plain","optional":true,"computed":true},"name":{"type":"string","description":"The name of this resource.","description_kind":"plain","required":true},"operating_system":{"type":"string","description_kind":"plain","optional":true,"computed":true},"roles":{"type":["list","string"],"description_kind":"plain","required":true},"shell_name":{"type":"string","description_kind":"plain","optional":true,"computed":true},"shell_version":{"type":"string","description_kind":"plain","optional":true,"computed":true},"space_id":{"type":"string","description":"The space ID associated with this resource.","description_kind":"plain","optional":true,"computed":true},"status":{"type":"string","description":"The status of this resource. Valid statuses are `CalamariNeedsUpgrade`, `Disabled`, `NeedsUpgrade`, `Offline`, `Online`, or `Unknown`.","description_kind":"plain","optional":true,"computed":true},"status_summary":{"type":"string","description":"A summary elaborating on the status of this resource.","description_kind":"plain","optional":true,"computed":true},"tenant_tags":{"type":["list","string"],"description":"A list of tenant tags associated with this resource.","description_kind":"plain","optional":true,"computed":true},"tenanted_deployment_participation":{"type":"string","description":"The tenanted deployment mode of the resource. Valid account types are `Untenanted`, `TenantedOrUntenanted`, or `Tenanted`.","description_kind":"plain","optional":true},"tenants":{"type":["list","string"],"description":"A list of tenant IDs associated with this resource.","description_kind":"plain","optional":true},"tentacle_url":{"type":"string","description_kind":"plain","required":true},"thumbprint":{"type":"string","description_kind":"plain","optional":true,"computed":true},"uri":{"type":"string","description_kind":"plain","optional":true,"computed":true}},"block_types":{"endpoint":{"nesting_mode":"list","block":{"attributes":{"aad_client_credential_secret":{"type":"string","description_kind":"plain","optional":true},"aad_credential_type":{"type":"string","description_kind":"plain","optional":true},"aad_user_credential_username":{"type":"string","description_kind":"plain","optional":true},"account_id":{"type":"string","description_kind":"plain","optional":true},"applications_directory":{"type":"string","description_kind":"plain","optional":true},"certificate_signature_algorithm":{"type":"string","description_kind":"plain","optional":true},"certificate_store_location":{"type":"string","description_kind":"plain","optional":true},"certificate_store_name":{"type":"string","description_kind":"plain","optional":true},"client_certificate_variable":{"type":"string","description_kind":"plain","optional":true},"cloud_service_name":{"type":"string","description_kind":"plain","optional":true},"cluster_certificate":{"type":"string","description_kind":"plain","optional":true},"cluster_url":{"type":"string","description_kind":"plain","optional":true},"communication_style":{"type":"string","description_kind":"plain","required":true},"connection_endpoint":{"type":"string","description_kind":"plain","optional":true},"default_worker_pool_id":{"type":"string","description_kind":"plain","optional":true},"dot_net_core_platform":{"type":"string","description_kind":"plain","optional":true},"fingerprint":{"type":"string","description_kind":"plain","optional":true},"host":{"type":"string","description_kind":"plain","optional":true},"id":{"type":"string","description":"The unique ID for this resource.","description_kind":"plain","optional":true,"computed":true},"namespace":{"type":"string","description_kind":"plain","optional":true},"port":{"type":"number","description_kind":"plain","optional":true},"proxy_id":{"type":"string","description_kind":"plain","optional":true},"resource_group_name":{"type":"string","description_kind":"plain","optional":true},"running_in_container":{"type":"bool","description_kind":"plain","optional":true},"security_mode":{"type":"string","description_kind":"plain","optional":true},"server_certificate_thumbprint":{"type":"string","description_kind":"plain","optional":true},"skip_tls_verification":{"type":"bool","description_kind":"plain","optional":true},"slot":{"type":"string","description_kind":"plain","optional":true},"storage_account_name":{"type":"string","description_kind":"plain","optional":true},"swap_if_possible":{"type":"bool","description_kind":"plain","optional":true},"thumbprint":{"type":"string","description_kind":"plain","optional":true},"uri":{"type":"string","description_kind":"plain","optional":true},"use_current_instance_count":{"type":"bool","description_kind":"plain","optional":true},"web_app_name":{"type":"string","description_kind":"plain","optional":true},"web_app_slot_name":{"type":"string","description_kind":"plain","optional":true},"working_directory":{"type":"string","description_kind":"plain","optional":true}},"block_types":{"authentication":{"nesting_mode":"set","block":{"attributes":{"account_id":{"type":"string","description_kind":"plain","optional":true},"admin_login":{"type":"string","description_kind":"plain","optional":true},"assume_role":{"type":"bool","description_kind":"plain","optional":true},"assume_role_external_id":{"type":"string","description_kind":"plain","optional":true},"assume_role_session_duration":{"type":"number","description_kind":"plain","optional":true},"assumed_role_arn":{"type":"string","description_kind":"plain","optional":true},"assumed_role_session":{"type":"string","description_kind":"plain","optional":true},"authentication_type":{"type":"string","description_kind":"plain","optional":true},"client_certificate":{"type":"string","description_kind":"plain","optional":true},"cluster_name":{"type":"string","description_kind":"plain","optional":true},"cluster_resource_group":{"type":"string","description_kind":"plain","optional":true},"use_instance_role":{"type":"bool","description_kind":"plain","optional":true}},"description_kind":"plain"},"max_items":1},"container":{"nesting_mode":"list","block":{"attributes":{"feed_id":{"type":"string","description_kind":"plain","optional":true},"image":{"type":"string","description_kind":"plain","optional":true}},"description_kind":"plain"}},"destination":{"nesting_mode":"list","block":{"attributes":{"destination_type":{"type":"string","description_kind":"plain","optional":true},"drop_folder_path":{"type":"string","description_kind":"plain","optional":true}},"description_kind":"plain"}},"tentacle_version_details":{"nesting_mode":"list","block":{"attributes":{"upgrade_locked":{"type":"bool","description_kind":"plain","optional":true,"computed":true},"upgrade_required":{"type":"bool","description_kind":"plain","optional":true,"computed":true},"upgrade_suggested":{"type":"bool","description_kind":"plain","optional":true,"computed":true},"version":{"type":"string","description_kind":"plain","optional":true,"computed":true}},"description_kind":"plain"}}},"description_kind":"plain"}},"tentacle_version_details":{"nesting_mode":"list","block":{"attributes":{"upgrade_locked":{"type":"bool","description_kind":"plain","optional":true,"computed":true},"upgrade_required":{"type":"bool","description_kind":"plain","optional":true,"computed":true},"upgrade_suggested":{"type":"bool","description_kind":"plain","optional":true,"computed":true},"version":{"type":"string","description_kind":"plain","optional":true,"computed":true}},"description_kind":"plain"}}},"description":"This resource manages polling tentacle deployment targets in Octopus Deploy.","description_kind":"plain"}},"octopusdeploy_project":{"version":0,"block":{"attributes":{"allow_deployments_to_no_targets":{"type":"bool","description_kind":"plain","deprecated":true,"optional":true},"auto_create_release":{"type":"bool","description_kind":"plain","optional":true},"auto_deploy_release_overrides":{"type":["list","string"],"description_kind":"plain","optional":true},"cloned_from_project_id":{"type":"string","description_kind":"plain","optional":true},"default_guided_failure_mode":{"type":"string","description_kind":"plain","optional":true},"default_to_skip_if_already_installed":{"type":"bool","description_kind":"plain","optional":true},"deployment_changes_template":{"type":"string","description_kind":"plain","optional":true},"deployment_process_id":{"type":"string","description_kind":"plain","computed":true},"description":{"type":"string","description":"The description of this resource.","description_kind":"plain","optional":true},"discrete_channel_release":{"type":"bool","description":"Treats releases of different channels to the same environment as a separate deployment dimension","description_kind":"plain","optional":true},"id":{"type":"string","description":"The unique ID for this resource.","description_kind":"plain","optional":true,"computed":true},"included_library_variable_sets":{"type":["list","string"],"description_kind":"plain","optional":true},"is_disabled":{"type":"bool","description_kind":"plain","optional":true},"is_discrete_channel_release":{"type":"bool","description":"Treats releases of different channels to the same environment as a separate deployment dimension","description_kind":"plain","optional":true},"is_version_controlled":{"type":"bool","description_kind":"plain","optional":true},"lifecycle_id":{"type":"string","description":"The lifecycle ID associated with this project.","description_kind":"plain","required":true},"name":{"type":"string","description":"The name of this resource.","description_kind":"plain","required":true},"project_group_id":{"type":"string","description_kind":"plain","optional":true},"release_notes_template":{"type":"string","description_kind":"plain","optional":true},"slug":{"type":"string","description_kind":"plain","computed":true},"space_id":{"type":"string","description":"The space ID associated with this resource.","description_kind":"plain","optional":true,"computed":true},"tenanted_deployment_participation":{"type":"string","description":"The tenanted deployment mode of the resource. Valid account types are `Untenanted`, `TenantedOrUntenanted`, or `Tenanted`.","description_kind":"plain","optional":true},"variable_set_id":{"type":"string","description_kind":"plain","computed":true}},"block_types":{"connectivity_policy":{"nesting_mode":"list","block":{"attributes":{"allow_deployments_to_no_targets":{"type":"bool","description_kind":"plain","optional":true,"computed":true},"exclude_unhealthy_targets":{"type":"bool","description_kind":"plain","optional":true,"computed":true},"skip_machine_behavior":{"type":"string","description_kind":"plain","optional":true},"target_roles":{"type":["list","string"],"description_kind":"plain","optional":true,"computed":true}},"description_kind":"plain"},"max_items":1},"extension_settings":{"nesting_mode":"set","block":{"attributes":{"extension_id":{"type":"string","description_kind":"plain","computed":true},"values":{"type":["list","string"],"description_kind":"plain","computed":true}},"description_kind":"plain"}},"release_creation_strategy":{"nesting_mode":"list","block":{"attributes":{"channel_id":{"type":"string","description_kind":"plain","optional":true},"release_creation_package_step_id":{"type":"string","description_kind":"plain","optional":true}},"block_types":{"release_creation_package":{"nesting_mode":"list","block":{"attributes":{"deployment_action":{"type":"string","description_kind":"plain","optional":true},"package_reference":{"type":"string","description_kind":"plain","optional":true}},"description_kind":"plain"},"max_items":1}},"description_kind":"plain"},"max_items":1},"templates":{"nesting_mode":"list","block":{"attributes":{"default_value":{"type":"string","description":"A default value for the parameter, if applicable. This can be a hard-coded value or a variable reference.","description_kind":"plain","optional":true},"display_settings":{"type":["map","string"],"description":"The display settings for the parameter.","description_kind":"plain","optional":true},"help_text":{"type":"string","description":"The help presented alongside the parameter input.","description_kind":"plain","optional":true},"id":{"type":"string","description":"The unique ID for this resource.","description_kind":"plain","optional":true,"computed":true},"label":{"type":"string","description":"The label shown beside the parameter when presented in the deployment process. Example: `Server name`.","description_kind":"plain","optional":true},"name":{"type":"string","description":"The name of the variable set by the parameter. The name can contain letters, digits, dashes and periods. Example: `ServerName`.","description_kind":"plain","required":true}},"description_kind":"plain"}},"version_control_settings":{"nesting_mode":"set","block":{"attributes":{"default_branch":{"type":"string","description":"The default branch associated with these version control settings.","description_kind":"plain","optional":true},"password":{"type":"string","description":"The password associated with these version control settings.","description_kind":"plain","optional":true,"sensitive":true},"url":{"type":"string","description":"The URL associated with these version control settings.","description_kind":"plain","optional":true},"username":{"type":"string","description":"The username associated with these version control settings.","description_kind":"plain","optional":true,"sensitive":true}},"description_kind":"plain"},"max_items":1},"versioning_strategy":{"nesting_mode":"set","block":{"attributes":{"donor_package_step_id":{"type":"string","description_kind":"plain","optional":true,"computed":true},"template":{"type":"string","description_kind":"plain","optional":true,"computed":true}},"block_types":{"donor_package":{"nesting_mode":"list","block":{"attributes":{"deployment_action":{"type":"string","description_kind":"plain","optional":true},"package_reference":{"type":"string","description_kind":"plain","optional":true}},"description_kind":"plain"},"max_items":1}},"description_kind":"plain"}}},"description":"This resource manages projects in Octopus Deploy.","description_kind":"plain"}},"octopusdeploy_project_deployment_target_trigger":{"version":0,"block":{"attributes":{"environment_ids":{"type":["list","string"],"description":"Apply environment id filters to restrict which deployment targets will actually cause the trigger to fire, and consequently, which deployment targets will be automatically deployed to.","description_kind":"plain","optional":true},"event_categories":{"type":["list","string"],"description":"Apply event category filters to restrict which deployment targets will actually cause the trigger to fire, and consequently, which deployment targets will be automatically deployed to.","description_kind":"plain","optional":true},"event_groups":{"type":["list","string"],"description":"Apply event group filters to restrict which deployment targets will actually cause the trigger to fire, and consequently, which deployment targets will be automatically deployed to.","description_kind":"plain","optional":true},"id":{"type":"string","description_kind":"plain","optional":true,"computed":true},"name":{"type":"string","description":"The name of this resource.","description_kind":"plain","required":true},"project_id":{"type":"string","description":"The project_id of the Project to attach the trigger to.","description_kind":"plain","required":true},"roles":{"type":["list","string"],"description":"Apply event role filters to restrict which deployment targets will actually cause the trigger to fire, and consequently, which deployment targets will be automatically deployed to.","description_kind":"plain","optional":true},"should_redeploy":{"type":"bool","description":"Enable to re-deploy to the deployment targets even if they are already up-to-date with the current deployment.","description_kind":"plain","optional":true}},"description_kind":"plain"}},"octopusdeploy_project_group":{"version":0,"block":{"attributes":{"description":{"type":"string","description":"The description of this resource.","description_kind":"plain","optional":true},"environments":{"type":["list","string"],"description":"A list of environment IDs associated with this resource.","description_kind":"plain","optional":true,"computed":true},"id":{"type":"string","description":"The unique ID for this resource.","description_kind":"plain","optional":true,"computed":true},"name":{"type":"string","description":"The name of this resource.","description_kind":"plain","required":true},"retention_policy_id":{"type":"string","description_kind":"plain","optional":true}},"description":"This resource manages project groups in Octopus Deploy.","description_kind":"plain"}},"octopusdeploy_space":{"version":0,"block":{"attributes":{"description":{"type":"string","description":"The description of this resource.","description_kind":"plain","optional":true},"id":{"type":"string","description":"The unique ID for this resource.","description_kind":"plain","optional":true,"computed":true},"is_default":{"type":"bool","description":"Specifies if this space is the default space in Octopus.","description_kind":"plain","optional":true},"is_task_queue_stopped":{"type":"bool","description":"Specifies the status of the task queue for this space.","description_kind":"plain","optional":true},"name":{"type":"string","description":"The name of this resource.","description_kind":"plain","required":true},"space_managers_team_members":{"type":["list","string"],"description":"A list of user IDs designated to be managers of this space.","description_kind":"plain","optional":true,"computed":true},"space_managers_teams":{"type":["list","string"],"description":"A list of team IDs designated to be managers of this space.","description_kind":"plain","optional":true,"computed":true}},"description":"This resource manages spaces in Octopus Deploy.","description_kind":"plain"}},"octopusdeploy_ssh_connection_deployment_target":{"version":0,"block":{"attributes":{"account_id":{"type":"string","description_kind":"plain","required":true},"dot_net_core_platform":{"type":"string","description_kind":"plain","optional":true},"environments":{"type":["list","string"],"description":"A list of environment IDs associated with this resource.","description_kind":"plain","required":true},"fingerprint":{"type":"string","description_kind":"plain","required":true},"has_latest_calamari":{"type":"bool","description_kind":"plain","computed":true},"health_status":{"type":"string","description":"Represents the health status of this deployment target. Valid health statuses are `HasWarnings`, `Healthy`, `Unavailable`, `Unhealthy`, or `Unknown`.","description_kind":"plain","optional":true,"computed":true},"host":{"type":"string","description_kind":"plain","required":true},"id":{"type":"string","description":"The unique ID for this resource.","description_kind":"plain","optional":true,"computed":true},"is_disabled":{"type":"bool","description_kind":"plain","optional":true,"computed":true},"is_in_process":{"type":"bool","description_kind":"plain","computed":true},"machine_policy_id":{"type":"string","description_kind":"plain","optional":true,"computed":true},"name":{"type":"string","description":"The name of this resource.","description_kind":"plain","required":true},"operating_system":{"type":"string","description_kind":"plain","optional":true,"computed":true},"port":{"type":"number","description_kind":"plain","optional":true},"proxy_id":{"type":"string","description_kind":"plain","optional":true},"roles":{"type":["list","string"],"description_kind":"plain","required":true},"shell_name":{"type":"string","description_kind":"plain","optional":true,"computed":true},"shell_version":{"type":"string","description_kind":"plain","optional":true,"computed":true},"space_id":{"type":"string","description":"The space ID associated with this resource.","description_kind":"plain","optional":true,"computed":true},"status":{"type":"string","description":"The status of this resource. Valid statuses are `CalamariNeedsUpgrade`, `Disabled`, `NeedsUpgrade`, `Offline`, `Online`, or `Unknown`.","description_kind":"plain","optional":true,"computed":true},"status_summary":{"type":"string","description":"A summary elaborating on the status of this resource.","description_kind":"plain","optional":true,"computed":true},"tenant_tags":{"type":["list","string"],"description":"A list of tenant tags associated with this resource.","description_kind":"plain","optional":true,"computed":true},"tenanted_deployment_participation":{"type":"string","description":"The tenanted deployment mode of the resource. Valid account types are `Untenanted`, `TenantedOrUntenanted`, or `Tenanted`.","description_kind":"plain","optional":true},"tenants":{"type":["list","string"],"description":"A list of tenant IDs associated with this resource.","description_kind":"plain","optional":true},"thumbprint":{"type":"string","description_kind":"plain","optional":true,"computed":true},"uri":{"type":"string","description_kind":"plain","optional":true,"computed":true}},"block_types":{"endpoint":{"nesting_mode":"list","block":{"attributes":{"aad_client_credential_secret":{"type":"string","description_kind":"plain","optional":true},"aad_credential_type":{"type":"string","description_kind":"plain","optional":true},"aad_user_credential_username":{"type":"string","description_kind":"plain","optional":true},"account_id":{"type":"string","description_kind":"plain","optional":true},"applications_directory":{"type":"string","description_kind":"plain","optional":true},"certificate_signature_algorithm":{"type":"string","description_kind":"plain","optional":true},"certificate_store_location":{"type":"string","description_kind":"plain","optional":true},"certificate_store_name":{"type":"string","description_kind":"plain","optional":true},"client_certificate_variable":{"type":"string","description_kind":"plain","optional":true},"cloud_service_name":{"type":"string","description_kind":"plain","optional":true},"cluster_certificate":{"type":"string","description_kind":"plain","optional":true},"cluster_url":{"type":"string","description_kind":"plain","optional":true},"communication_style":{"type":"string","description_kind":"plain","required":true},"connection_endpoint":{"type":"string","description_kind":"plain","optional":true},"default_worker_pool_id":{"type":"string","description_kind":"plain","optional":true},"dot_net_core_platform":{"type":"string","description_kind":"plain","optional":true},"fingerprint":{"type":"string","description_kind":"plain","optional":true},"host":{"type":"string","description_kind":"plain","optional":true},"id":{"type":"string","description":"The unique ID for this resource.","description_kind":"plain","optional":true,"computed":true},"namespace":{"type":"string","description_kind":"plain","optional":true},"port":{"type":"number","description_kind":"plain","optional":true},"proxy_id":{"type":"string","description_kind":"plain","optional":true},"resource_group_name":{"type":"string","description_kind":"plain","optional":true},"running_in_container":{"type":"bool","description_kind":"plain","optional":true},"security_mode":{"type":"string","description_kind":"plain","optional":true},"server_certificate_thumbprint":{"type":"string","description_kind":"plain","optional":true},"skip_tls_verification":{"type":"bool","description_kind":"plain","optional":true},"slot":{"type":"string","description_kind":"plain","optional":true},"storage_account_name":{"type":"string","description_kind":"plain","optional":true},"swap_if_possible":{"type":"bool","description_kind":"plain","optional":true},"thumbprint":{"type":"string","description_kind":"plain","optional":true},"uri":{"type":"string","description_kind":"plain","optional":true},"use_current_instance_count":{"type":"bool","description_kind":"plain","optional":true},"web_app_name":{"type":"string","description_kind":"plain","optional":true},"web_app_slot_name":{"type":"string","description_kind":"plain","optional":true},"working_directory":{"type":"string","description_kind":"plain","optional":true}},"block_types":{"authentication":{"nesting_mode":"set","block":{"attributes":{"account_id":{"type":"string","description_kind":"plain","optional":true},"admin_login":{"type":"string","description_kind":"plain","optional":true},"assume_role":{"type":"bool","description_kind":"plain","optional":true},"assume_role_external_id":{"type":"string","description_kind":"plain","optional":true},"assume_role_session_duration":{"type":"number","description_kind":"plain","optional":true},"assumed_role_arn":{"type":"string","description_kind":"plain","optional":true},"assumed_role_session":{"type":"string","description_kind":"plain","optional":true},"authentication_type":{"type":"string","description_kind":"plain","optional":true},"client_certificate":{"type":"string","description_kind":"plain","optional":true},"cluster_name":{"type":"string","description_kind":"plain","optional":true},"cluster_resource_group":{"type":"string","description_kind":"plain","optional":true},"use_instance_role":{"type":"bool","description_kind":"plain","optional":true}},"description_kind":"plain"},"max_items":1},"container":{"nesting_mode":"list","block":{"attributes":{"feed_id":{"type":"string","description_kind":"plain","optional":true},"image":{"type":"string","description_kind":"plain","optional":true}},"description_kind":"plain"}},"destination":{"nesting_mode":"list","block":{"attributes":{"destination_type":{"type":"string","description_kind":"plain","optional":true},"drop_folder_path":{"type":"string","description_kind":"plain","optional":true}},"description_kind":"plain"}},"tentacle_version_details":{"nesting_mode":"list","block":{"attributes":{"upgrade_locked":{"type":"bool","description_kind":"plain","optional":true,"computed":true},"upgrade_required":{"type":"bool","description_kind":"plain","optional":true,"computed":true},"upgrade_suggested":{"type":"bool","description_kind":"plain","optional":true,"computed":true},"version":{"type":"string","description_kind":"plain","optional":true,"computed":true}},"description_kind":"plain"}}},"description_kind":"plain"}}},"description":"This resource manages SSH connection deployment targets in Octopus Deploy.","description_kind":"plain"}},"octopusdeploy_ssh_key_account":{"version":0,"block":{"attributes":{"description":{"type":"string","description":"The description of this resource.","description_kind":"plain","optional":true},"environments":{"type":["list","string"],"description":"A list of environment IDs associated with this resource.","description_kind":"plain","optional":true,"computed":true},"id":{"type":"string","description":"The unique ID for this resource.","description_kind":"plain","optional":true,"computed":true},"name":{"type":"string","description":"The name of this resource.","description_kind":"plain","required":true},"private_key_file":{"type":"string","description_kind":"plain","required":true,"sensitive":true},"private_key_passphrase":{"type":"string","description_kind":"plain","optional":true,"sensitive":true},"space_id":{"type":"string","description":"The space ID associated with this resource.","description_kind":"plain","optional":true,"computed":true},"tenant_tags":{"type":["list","string"],"description":"A list of tenant tags associated with this resource.","description_kind":"plain","optional":true,"computed":true},"tenanted_deployment_participation":{"type":"string","description":"The tenanted deployment mode of the resource. Valid account types are `Untenanted`, `TenantedOrUntenanted`, or `Tenanted`.","description_kind":"plain","optional":true},"tenants":{"type":["list","string"],"description":"A list of tenant IDs associated with this resource.","description_kind":"plain","optional":true},"username":{"type":"string","description":"The username associated with this resource.","description_kind":"plain","required":true,"sensitive":true}},"description":"This resource manages SSH key accounts in Octopus Deploy.","description_kind":"plain"}},"octopusdeploy_tag_set":{"version":0,"block":{"attributes":{"description":{"type":"string","description":"The description of this resource.","description_kind":"plain","optional":true},"id":{"type":"string","description":"The unique ID for this resource.","description_kind":"plain","optional":true,"computed":true},"name":{"type":"string","description":"The name of this resource.","description_kind":"plain","required":true},"sort_order":{"type":"number","description":"The sort order associated with this resource.","description_kind":"plain","optional":true,"computed":true},"space_id":{"type":"string","description":"The space ID associated with this resource.","description_kind":"plain","optional":true,"computed":true}},"block_types":{"tag":{"nesting_mode":"list","block":{"attributes":{"canonical_tag_name":{"type":"string","description_kind":"plain","optional":true,"computed":true},"color":{"type":"string","description_kind":"plain","required":true},"description":{"type":"string","description":"The description of this resource.","description_kind":"plain","optional":true},"id":{"type":"string","description":"The unique ID for this resource.","description_kind":"plain","optional":true,"computed":true},"name":{"type":"string","description":"The name of this resource.","description_kind":"plain","required":true},"sort_order":{"type":"number","description_kind":"plain","optional":true}},"description":"A list of tags.","description_kind":"plain"}}},"description":"This resource manages tag sets in Octopus Deploy.","description_kind":"plain"}},"octopusdeploy_team":{"version":0,"block":{"attributes":{"can_be_deleted":{"type":"bool","description_kind":"plain","optional":true,"computed":true},"can_be_renamed":{"type":"bool","description_kind":"plain","optional":true,"computed":true},"can_change_members":{"type":"bool","description_kind":"plain","optional":true,"computed":true},"can_change_roles":{"type":"bool","description_kind":"plain","optional":true,"computed":true},"description":{"type":"string","description_kind":"plain","optional":true},"id":{"type":"string","description":"The unique ID for this resource.","description_kind":"plain","optional":true,"computed":true},"name":{"type":"string","description_kind":"plain","required":true},"space_id":{"type":"string","description_kind":"plain","computed":true},"users":{"type":["list","string"],"description":"A list of user IDs designated to be members of this team.","description_kind":"plain","optional":true,"computed":true}},"block_types":{"external_security_groups":{"nesting_mode":"list","block":{"attributes":{"display_id_and_name":{"type":"bool","description_kind":"plain","optional":true,"computed":true},"display_name":{"type":"string","description_kind":"plain","optional":true,"computed":true},"id":{"type":"string","description":"The unique ID for this resource.","description_kind":"plain","optional":true,"computed":true}},"description_kind":"plain"}}},"description":"This resource manages teams in Octopus Deploy.","description_kind":"plain"}},"octopusdeploy_tenant":{"version":0,"block":{"attributes":{"cloned_from_tenant_id":{"type":"string","description":"The ID of the tenant from which this tenant was cloned.","description_kind":"plain","optional":true},"description":{"type":"string","description":"The description of this resource.","description_kind":"plain","optional":true},"id":{"type":"string","description":"The unique ID for this resource.","description_kind":"plain","optional":true,"computed":true},"name":{"type":"string","description":"The name of this resource.","description_kind":"plain","required":true},"space_id":{"type":"string","description":"The space ID associated with this resource.","description_kind":"plain","optional":true,"computed":true},"tenant_tags":{"type":["list","string"],"description":"A list of tenant tags associated with this resource.","description_kind":"plain","optional":true,"computed":true}},"block_types":{"project_environment":{"nesting_mode":"set","block":{"attributes":{"environments":{"type":["list","string"],"description":"A list of environment IDs associated with this tenant through a project.","description_kind":"plain","required":true},"project_id":{"type":"string","description":"The project ID associated with this tenant.","description_kind":"plain","required":true}},"description_kind":"plain"}}},"description":"This resource manages tenants in Octopus Deploy.","description_kind":"plain"}},"octopusdeploy_token_account":{"version":0,"block":{"attributes":{"description":{"type":"string","description":"The description of this resource.","description_kind":"plain","optional":true},"environments":{"type":["list","string"],"description":"A list of environment IDs associated with this resource.","description_kind":"plain","optional":true,"computed":true},"id":{"type":"string","description":"The unique ID for this resource.","description_kind":"plain","optional":true,"computed":true},"name":{"type":"string","description":"The name of this resource.","description_kind":"plain","required":true},"space_id":{"type":"string","description":"The space ID associated with this resource.","description_kind":"plain","optional":true,"computed":true},"tenant_tags":{"type":["list","string"],"description":"A list of tenant tags associated with this resource.","description_kind":"plain","optional":true,"computed":true},"tenanted_deployment_participation":{"type":"string","description":"The tenanted deployment mode of the resource. Valid account types are `Untenanted`, `TenantedOrUntenanted`, or `Tenanted`.","description_kind":"plain","optional":true},"tenants":{"type":["list","string"],"description":"A list of tenant IDs associated with this resource.","description_kind":"plain","optional":true},"token":{"type":"string","description":"The token of this resource.","description_kind":"plain","required":true,"sensitive":true}},"description_kind":"plain"}},"octopusdeploy_user":{"version":0,"block":{"attributes":{"can_password_be_edited":{"type":"bool","description_kind":"plain","computed":true},"display_name":{"type":"string","description":"The display name of this resource.","description_kind":"plain","required":true},"email_address":{"type":"string","description":"The email address of this resource.","description_kind":"plain","optional":true},"id":{"type":"string","description":"The unique ID for this resource.","description_kind":"plain","optional":true,"computed":true},"is_active":{"type":"bool","description_kind":"plain","optional":true},"is_requestor":{"type":"bool","description_kind":"plain","computed":true},"is_service":{"type":"bool","description_kind":"plain","optional":true},"password":{"type":"string","description":"The password associated with this resource.","description_kind":"plain","optional":true,"sensitive":true},"username":{"type":"string","description":"The username associated with this resource.","description_kind":"plain","required":true,"sensitive":true}},"block_types":{"identity":{"nesting_mode":"set","block":{"attributes":{"provider":{"type":"string","description_kind":"plain","optional":true}},"block_types":{"claim":{"nesting_mode":"set","block":{"attributes":{"is_identifying_claim":{"type":"bool","description_kind":"plain","required":true},"name":{"type":"string","description":"The name of this resource.","description_kind":"plain","required":true},"value":{"type":"string","description_kind":"plain","required":true}},"description_kind":"plain"}}},"description_kind":"plain"}}},"description":"This resource manages users in Octopus Deploy.","description_kind":"plain"}},"octopusdeploy_user_role":{"version":0,"block":{"attributes":{"can_be_deleted":{"type":"bool","description_kind":"plain","optional":true,"computed":true},"description":{"type":"string","description":"The description of this resource.","description_kind":"plain","optional":true},"granted_space_permissions":{"type":["list","string"],"description_kind":"plain","optional":true},"granted_system_permissions":{"type":["list","string"],"description_kind":"plain","optional":true},"id":{"type":"string","description":"The unique ID for this resource.","description_kind":"plain","optional":true,"computed":true},"name":{"type":"string","description":"The name of this resource.","description_kind":"plain","required":true},"space_permission_descriptions":{"type":["list","string"],"description_kind":"plain","optional":true},"supported_restrictions":{"type":["list","string"],"description_kind":"plain","optional":true},"system_permission_descriptions":{"type":["list","string"],"description_kind":"plain","optional":true}},"description":"This resource manages user roles in Octopus Deploy.","description_kind":"plain"}},"octopusdeploy_username_password_account":{"version":0,"block":{"attributes":{"description":{"type":"string","description":"The description of this resource.","description_kind":"plain","optional":true},"environments":{"type":["list","string"],"description":"A list of environment IDs associated with this resource.","description_kind":"plain","optional":true,"computed":true},"id":{"type":"string","description":"The unique ID for this resource.","description_kind":"plain","optional":true,"computed":true},"name":{"type":"string","description":"The name of this resource.","description_kind":"plain","required":true},"password":{"type":"string","description":"The password associated with this resource.","description_kind":"plain","optional":true,"sensitive":true},"space_id":{"type":"string","description":"The space ID associated with this resource.","description_kind":"plain","optional":true,"computed":true},"tenant_tags":{"type":["list","string"],"description":"A list of tenant tags associated with this resource.","description_kind":"plain","optional":true,"computed":true},"tenanted_deployment_participation":{"type":"string","description":"The tenanted deployment mode of the resource. Valid account types are `Untenanted`, `TenantedOrUntenanted`, or `Tenanted`.","description_kind":"plain","optional":true},"tenants":{"type":["list","string"],"description":"A list of tenant IDs associated with this resource.","description_kind":"plain","optional":true},"username":{"type":"string","description":"The username associated with this resource.","description_kind":"plain","required":true,"sensitive":true}},"description":"This resource manages username-password accounts in Octopus Deploy.","description_kind":"plain"}},"octopusdeploy_variable":{"version":0,"block":{"attributes":{"description":{"type":"string","description":"The description of this resource.","description_kind":"plain","optional":true},"encrypted_value":{"type":"string","description_kind":"plain","computed":true},"id":{"type":"string","description_kind":"plain","optional":true,"computed":true},"is_sensitive":{"type":"bool","description":"Indicates whether or not this resource is considered sensitive and should be kept secret.","description_kind":"plain","optional":true},"key_fingerprint":{"type":"string","description_kind":"plain","computed":true},"name":{"type":"string","description":"The name of this resource.","description_kind":"plain","required":true},"pgp_key":{"type":"string","description_kind":"plain","optional":true,"sensitive":true},"project_id":{"type":"string","description_kind":"plain","required":true},"sensitive_value":{"type":"string","description_kind":"plain","optional":true,"sensitive":true},"type":{"type":"string","description":"The type of variable represented by this resource. Valid types are `AmazonWebServicesAccount`, `AzureAccount`, `Certificate`, `Sensitive`, `String`, or `WorkerPool`.","description_kind":"plain","required":true},"value":{"type":"string","description_kind":"plain","optional":true}},"block_types":{"prompt":{"nesting_mode":"set","block":{"attributes":{"description":{"type":"string","description":"The description of this resource.","description_kind":"plain","optional":true},"is_required":{"type":"bool","description_kind":"plain","optional":true},"label":{"type":"string","description_kind":"plain","optional":true}},"description_kind":"plain"},"max_items":1},"scope":{"nesting_mode":"set","block":{"attributes":{"actions":{"type":["list","string"],"description":"The scope of the variable value.","description_kind":"plain","optional":true,"computed":true},"channels":{"type":["list","string"],"description":"The scope of the variable value.","description_kind":"plain","optional":true,"computed":true},"environments":{"type":["list","string"],"description":"The scope of the variable value.","description_kind":"plain","optional":true,"computed":true},"machines":{"type":["list","string"],"description":"The scope of the variable value.","description_kind":"plain","optional":true,"computed":true},"roles":{"type":["list","string"],"description":"The scope of the variable value.","description_kind":"plain","optional":true,"computed":true},"tenant_tags":{"type":["list","string"],"description":"The scope of the variable value.","description_kind":"plain","optional":true,"computed":true}},"description_kind":"plain"},"max_items":1}},"description_kind":"plain"}}},"data_source_schemas":{"octopusdeploy_accounts":{"version":0,"block":{"attributes":{"account_type":{"type":"string","description":"A filter to search by a list of account types.  Valid account types are `AmazonWebServicesAccount`, `AmazonWebServicesRoleAccount`, `AzureServicePrincipal`, `AzureSubscription`, `None`, `SshKeyPair`, `Token`, or `UsernamePassword`.","description_kind":"plain","optional":true},"accounts":{"type":["list",["object",{"access_key":"string","account_type":"string","active_directory_endpoint_base_uri":"string","application_id":"string","authentication_endpoint":"string","azure_environment":"string","certificate_data":"string","certificate_thumbprint":"string","client_secret":"string","description":"string","environments":["list","string"],"id":"string","name":"string","password":"string","private_key_file":"string","private_key_passphrase":"string","resource_manager_endpoint":"string","secret_key":"string","service_management_endpoint_base_uri":"string","service_management_endpoint_suffix":"string","space_id":"string","subscription_id":"string","tenant_id":"string","tenant_tags":["list","string"],"tenanted_deployment_participation":"string","tenants":["list","string"],"token":"string","username":"string"}]],"description":"A list of accounts that match the filter(s).","description_kind":"plain","computed":true},"id":{"type":"string","description":"A auto-generated identifier that includes the timestamp when this data source was last modified.","description_kind":"plain","computed":true},"ids":{"type":["list","string"],"description":"A filter to search by a list of IDs.","description_kind":"plain","optional":true},"partial_name":{"type":"string","description":"A filter to search by the partial match of a name.","description_kind":"plain","optional":true},"skip":{"type":"number","description":"A filter to specify the number of items to skip in the response.","description_kind":"plain","optional":true},"take":{"type":"number","description":"A filter to specify the number of items to take (or return) in the response.","description_kind":"plain","optional":true}},"description":"Provides information about existing accounts.","description_kind":"plain","deprecated":true}},"octopusdeploy_azure_cloud_service_deployment_targets":{"version":0,"block":{"attributes":{"deployment_id":{"type":"string","description":"A filter to search by deployment ID.","description_kind":"plain","optional":true},"environments":{"type":["list","string"],"description":"A filter to search by a list of environment IDs.","description_kind":"plain","optional":true},"health_statuses":{"type":["list","string"],"description":"A filter to search by a list of health statuses of resources. Valid health statuses are `HasWarnings`, `Healthy`, `Unavailable`, `Unhealthy`, or `Unknown`.","description_kind":"plain","optional":true},"id":{"type":"string","description":"A auto-generated identifier that includes the timestamp when this data source was last modified.","description_kind":"plain","computed":true},"ids":{"type":["list","string"],"description":"A filter to search by a list of IDs.","description_kind":"plain","optional":true},"is_disabled":{"type":"bool","description":"A filter to search by the disabled status of a resource.","description_kind":"plain","optional":true},"name":{"type":"string","description":"A filter to search by name.","description_kind":"plain","optional":true},"partial_name":{"type":"string","description":"A filter to search by the partial match of a name.","description_kind":"plain","optional":true},"roles":{"type":["list","string"],"description":"A filter to search by a list of role IDs.","description_kind":"plain","optional":true},"shell_names":{"type":["list","string"],"description":"A list of shell names to match in the query and/or search","description_kind":"plain","optional":true},"skip":{"type":"number","description":"A filter to specify the number of items to skip in the response.","description_kind":"plain","optional":true},"take":{"type":"number","description":"A filter to specify the number of items to take (or return) in the response.","description_kind":"plain","optional":true},"tenant_tags":{"type":["list","string"],"description":"A filter to search by a list of tenant tags.","description_kind":"plain","optional":true},"tenants":{"type":["list","string"],"description":"A filter to search by a list of tenant IDs.","description_kind":"plain","optional":true},"thumbprint":{"type":"string","description":"The thumbprint of the deployment target to match in the query and/or search","description_kind":"plain","optional":true}},"block_types":{"azure_cloud_service_deployment_targets":{"nesting_mode":"list","block":{"attributes":{"account_id":{"type":"string","description_kind":"plain","computed":true},"cloud_service_name":{"type":"string","description_kind":"plain","computed":true},"default_worker_pool_id":{"type":"string","description_kind":"plain","computed":true},"endpoint":{"type":["list",["object",{"aad_client_credential_secret":"string","aad_credential_type":"string","aad_user_credential_username":"string","account_id":"string","applications_directory":"string","authentication":["set",["object",{"account_id":"string","admin_login":"string","assume_role":"bool","assume_role_external_id":"string","assume_role_session_duration":"number","assumed_role_arn":"string","assumed_role_session":"string","authentication_type":"string","client_certificate":"string","cluster_name":"string","cluster_resource_group":"string","use_instance_role":"bool"}]],"certificate_signature_algorithm":"string","certificate_store_location":"string","certificate_store_name":"string","client_certificate_variable":"string","cloud_service_name":"string","cluster_certificate":"string","cluster_url":"string","communication_style":"string","connection_endpoint":"string","container":["list",["object",{"feed_id":"string","image":"string"}]],"default_worker_pool_id":"string","destination":["list",["object",{"destination_type":"string","drop_folder_path":"string"}]],"dot_net_core_platform":"string","fingerprint":"string","host":"string","id":"string","namespace":"string","port":"number","proxy_id":"string","resource_group_name":"string","running_in_container":"bool","security_mode":"string","server_certificate_thumbprint":"string","skip_tls_verification":"bool","slot":"string","storage_account_name":"string","swap_if_possible":"bool","tentacle_version_details":["list",["object",{"upgrade_locked":"bool","upgrade_required":"bool","upgrade_suggested":"bool","version":"string"}]],"thumbprint":"string","uri":"string","use_current_instance_count":"bool","web_app_name":"string","web_app_slot_name":"string","working_directory":"string"}]],"description_kind":"plain","computed":true},"environments":{"type":["list","string"],"description":"A list of environment IDs associated with this resource.","description_kind":"plain","computed":true},"has_latest_calamari":{"type":"bool","description_kind":"plain","computed":true},"health_status":{"type":"string","description":"Represents the health status of this deployment target. Valid health statuses are `HasWarnings`, `Healthy`, `Unavailable`, `Unhealthy`, or `Unknown`.","description_kind":"plain","computed":true},"id":{"type":"string","description":"The unique ID for this resource.","description_kind":"plain","computed":true},"is_disabled":{"type":"bool","description_kind":"plain","computed":true},"is_in_process":{"type":"bool","description_kind":"plain","computed":true},"machine_policy_id":{"type":"string","description_kind":"plain","computed":true},"name":{"type":"string","description":"The name of this resource.","description_kind":"plain","computed":true},"operating_system":{"type":"string","description_kind":"plain","computed":true},"roles":{"type":["list","string"],"description_kind":"plain","computed":true},"shell_name":{"type":"string","description_kind":"plain","computed":true},"shell_version":{"type":"string","description_kind":"plain","computed":true},"slot":{"type":"string","description_kind":"plain","computed":true},"space_id":{"type":"string","description":"The space ID associated with this resource.","description_kind":"plain","computed":true},"status":{"type":"string","description":"The status of this resource. Valid statuses are `CalamariNeedsUpgrade`, `Disabled`, `NeedsUpgrade`, `Offline`, `Online`, or `Unknown`.","description_kind":"plain","computed":true},"status_summary":{"type":"string","description":"A summary elaborating on the status of this resource.","description_kind":"plain","computed":true},"storage_account_name":{"type":"string","description_kind":"plain","computed":true},"swap_if_possible":{"type":"bool","description_kind":"plain","computed":true},"tenant_tags":{"type":["list","string"],"description":"A list of tenant tags associated with this resource.","description_kind":"plain","computed":true},"tenanted_deployment_participation":{"type":"string","description":"The tenanted deployment mode of the resource. Valid account types are `Untenanted`, `TenantedOrUntenanted`, or `Tenanted`.","description_kind":"plain","computed":true},"tenants":{"type":["list","string"],"description":"A list of tenant IDs associated with this resource.","description_kind":"plain","computed":true},"thumbprint":{"type":"string","description_kind":"plain","computed":true},"uri":{"type":"string","description_kind":"plain","computed":true},"use_current_instance_count":{"type":"bool","description_kind":"plain","computed":true}},"description":"A list of Azure cloud service deployment targets that match the filter(s).","description_kind":"plain"}}},"description":"Provides information about existing Azure cloud service deployment targets.","description_kind":"plain"}},"octopusdeploy_azure_service_fabric_cluster_deployment_targets":{"version":0,"block":{"attributes":{"deployment_id":{"type":"string","description":"A filter to search by deployment ID.","description_kind":"plain","optional":true},"environments":{"type":["list","string"],"description":"A filter to search by a list of environment IDs.","description_kind":"plain","optional":true},"health_statuses":{"type":["list","string"],"description":"A filter to search by a list of health statuses of resources. Valid health statuses are `HasWarnings`, `Healthy`, `Unavailable`, `Unhealthy`, or `Unknown`.","description_kind":"plain","optional":true},"id":{"type":"string","description":"A auto-generated identifier that includes the timestamp when this data source was last modified.","description_kind":"plain","computed":true},"ids":{"type":["list","string"],"description":"A filter to search by a list of IDs.","description_kind":"plain","optional":true},"is_disabled":{"type":"bool","description":"A filter to search by the disabled status of a resource.","description_kind":"plain","optional":true},"name":{"type":"string","description":"A filter to search by name.","description_kind":"plain","optional":true},"partial_name":{"type":"string","description":"A filter to search by the partial match of a name.","description_kind":"plain","optional":true},"roles":{"type":["list","string"],"description":"A filter to search by a list of role IDs.","description_kind":"plain","optional":true},"shell_names":{"type":["list","string"],"description":"A list of shell names to match in the query and/or search","description_kind":"plain","optional":true},"skip":{"type":"number","description":"A filter to specify the number of items to skip in the response.","description_kind":"plain","optional":true},"take":{"type":"number","description":"A filter to specify the number of items to take (or return) in the response.","description_kind":"plain","optional":true},"tenant_tags":{"type":["list","string"],"description":"A filter to search by a list of tenant tags.","description_kind":"plain","optional":true},"tenants":{"type":["list","string"],"description":"A filter to search by a list of tenant IDs.","description_kind":"plain","optional":true},"thumbprint":{"type":"string","description":"The thumbprint of the deployment target to match in the query and/or search","description_kind":"plain","optional":true}},"block_types":{"azure_service_fabric_cluster_deployment_targets":{"nesting_mode":"list","block":{"attributes":{"aad_client_credential_secret":{"type":"string","description_kind":"plain","computed":true},"aad_credential_type":{"type":"string","description_kind":"plain","computed":true},"aad_user_credential_password":{"type":"string","description_kind":"plain","computed":true,"sensitive":true},"aad_user_credential_username":{"type":"string","description_kind":"plain","computed":true},"certificate_store_location":{"type":"string","description_kind":"plain","computed":true},"certificate_store_name":{"type":"string","description_kind":"plain","computed":true},"client_certificate_variable":{"type":"string","description_kind":"plain","computed":true},"connection_endpoint":{"type":"string","description_kind":"plain","computed":true},"endpoint":{"type":["list",["object",{"aad_client_credential_secret":"string","aad_credential_type":"string","aad_user_credential_username":"string","account_id":"string","applications_directory":"string","authentication":["set",["object",{"account_id":"string","admin_login":"string","assume_role":"bool","assume_role_external_id":"string","assume_role_session_duration":"number","assumed_role_arn":"string","assumed_role_session":"string","authentication_type":"string","client_certificate":"string","cluster_name":"string","cluster_resource_group":"string","use_instance_role":"bool"}]],"certificate_signature_algorithm":"string","certificate_store_location":"string","certificate_store_name":"string","client_certificate_variable":"string","cloud_service_name":"string","cluster_certificate":"string","cluster_url":"string","communication_style":"string","connection_endpoint":"string","container":["list",["object",{"feed_id":"string","image":"string"}]],"default_worker_pool_id":"string","destination":["list",["object",{"destination_type":"string","drop_folder_path":"string"}]],"dot_net_core_platform":"string","fingerprint":"string","host":"string","id":"string","namespace":"string","port":"number","proxy_id":"string","resource_group_name":"string","running_in_container":"bool","security_mode":"string","server_certificate_thumbprint":"string","skip_tls_verification":"bool","slot":"string","storage_account_name":"string","swap_if_possible":"bool","tentacle_version_details":["list",["object",{"upgrade_locked":"bool","upgrade_required":"bool","upgrade_suggested":"bool","version":"string"}]],"thumbprint":"string","uri":"string","use_current_instance_count":"bool","web_app_name":"string","web_app_slot_name":"string","working_directory":"string"}]],"description_kind":"plain","computed":true},"environments":{"type":["list","string"],"description":"A list of environment IDs associated with this resource.","description_kind":"plain","computed":true},"has_latest_calamari":{"type":"bool","description_kind":"plain","computed":true},"health_status":{"type":"string","description":"Represents the health status of this deployment target. Valid health statuses are `HasWarnings`, `Healthy`, `Unavailable`, `Unhealthy`, or `Unknown`.","description_kind":"plain","computed":true},"id":{"type":"string","description":"The unique ID for this resource.","description_kind":"plain","computed":true},"is_disabled":{"type":"bool","description_kind":"plain","computed":true},"is_in_process":{"type":"bool","description_kind":"plain","computed":true},"machine_policy_id":{"type":"string","description_kind":"plain","computed":true},"name":{"type":"string","description":"The name of this resource.","description_kind":"plain","computed":true},"operating_system":{"type":"string","description_kind":"plain","computed":true},"roles":{"type":["list","string"],"description_kind":"plain","computed":true},"security_mode":{"type":"string","description_kind":"plain","computed":true},"server_certificate_thumbprint":{"type":"string","description_kind":"plain","computed":true},"shell_name":{"type":"string","description_kind":"plain","computed":true},"shell_version":{"type":"string","description_kind":"plain","computed":true},"space_id":{"type":"string","description":"The space ID associated with this resource.","description_kind":"plain","computed":true},"status":{"type":"string","description":"The status of this resource. Valid statuses are `CalamariNeedsUpgrade`, `Disabled`, `NeedsUpgrade`, `Offline`, `Online`, or `Unknown`.","description_kind":"plain","computed":true},"status_summary":{"type":"string","description":"A summary elaborating on the status of this resource.","description_kind":"plain","computed":true},"tenant_tags":{"type":["list","string"],"description":"A list of tenant tags associated with this resource.","description_kind":"plain","computed":true},"tenanted_deployment_participation":{"type":"string","description":"The tenanted deployment mode of the resource. Valid account types are `Untenanted`, `TenantedOrUntenanted`, or `Tenanted`.","description_kind":"plain","computed":true},"tenants":{"type":["list","string"],"description":"A list of tenant IDs associated with this resource.","description_kind":"plain","computed":true},"thumbprint":{"type":"string","description_kind":"plain","computed":true},"uri":{"type":"string","description_kind":"plain","computed":true}},"description":"A list of Azure service fabric cluster deployment targets that match the filter(s).","description_kind":"plain"}}},"description":"Provides information about existing Azure service fabric cluster deployment targets.","description_kind":"plain"}},"octopusdeploy_azure_web_app_deployment_targets":{"version":0,"block":{"attributes":{"deployment_id":{"type":"string","description":"A filter to search by deployment ID.","description_kind":"plain","optional":true},"environments":{"type":["list","string"],"description":"A filter to search by a list of environment IDs.","description_kind":"plain","optional":true},"health_statuses":{"type":["list","string"],"description":"A filter to search by a list of health statuses of resources. Valid health statuses are `HasWarnings`, `Healthy`, `Unavailable`, `Unhealthy`, or `Unknown`.","description_kind":"plain","optional":true},"id":{"type":"string","description":"A auto-generated identifier that includes the timestamp when this data source was last modified.","description_kind":"plain","computed":true},"ids":{"type":["list","string"],"description":"A filter to search by a list of IDs.","description_kind":"plain","optional":true},"is_disabled":{"type":"bool","description":"A filter to search by the disabled status of a resource.","description_kind":"plain","optional":true},"name":{"type":"string","description":"A filter to search by name.","description_kind":"plain","optional":true},"partial_name":{"type":"string","description":"A filter to search by the partial match of a name.","description_kind":"plain","optional":true},"roles":{"type":["list","string"],"description":"A filter to search by a list of role IDs.","description_kind":"plain","optional":true},"shell_names":{"type":["list","string"],"description":"A list of shell names to match in the query and/or search","description_kind":"plain","optional":true},"skip":{"type":"number","description":"A filter to specify the number of items to skip in the response.","description_kind":"plain","optional":true},"take":{"type":"number","description":"A filter to specify the number of items to take (or return) in the response.","description_kind":"plain","optional":true},"tenant_tags":{"type":["list","string"],"description":"A filter to search by a list of tenant tags.","description_kind":"plain","optional":true},"tenants":{"type":["list","string"],"description":"A filter to search by a list of tenant IDs.","description_kind":"plain","optional":true},"thumbprint":{"type":"string","description":"The thumbprint of the deployment target to match in the query and/or search","description_kind":"plain","optional":true}},"block_types":{"azure_web_app_deployment_targets":{"nesting_mode":"list","block":{"attributes":{"account_id":{"type":"string","description_kind":"plain","computed":true},"endpoint":{"type":["list",["object",{"aad_client_credential_secret":"string","aad_credential_type":"string","aad_user_credential_username":"string","account_id":"string","applications_directory":"string","authentication":["set",["object",{"account_id":"string","admin_login":"string","assume_role":"bool","assume_role_external_id":"string","assume_role_session_duration":"number","assumed_role_arn":"string","assumed_role_session":"string","authentication_type":"string","client_certificate":"string","cluster_name":"string","cluster_resource_group":"string","use_instance_role":"bool"}]],"certificate_signature_algorithm":"string","certificate_store_location":"string","certificate_store_name":"string","client_certificate_variable":"string","cloud_service_name":"string","cluster_certificate":"string","cluster_url":"string","communication_style":"string","connection_endpoint":"string","container":["list",["object",{"feed_id":"string","image":"string"}]],"default_worker_pool_id":"string","destination":["list",["object",{"destination_type":"string","drop_folder_path":"string"}]],"dot_net_core_platform":"string","fingerprint":"string","host":"string","id":"string","namespace":"string","port":"number","proxy_id":"string","resource_group_name":"string","running_in_container":"bool","security_mode":"string","server_certificate_thumbprint":"string","skip_tls_verification":"bool","slot":"string","storage_account_name":"string","swap_if_possible":"bool","tentacle_version_details":["list",["object",{"upgrade_locked":"bool","upgrade_required":"bool","upgrade_suggested":"bool","version":"string"}]],"thumbprint":"string","uri":"string","use_current_instance_count":"bool","web_app_name":"string","web_app_slot_name":"string","working_directory":"string"}]],"description_kind":"plain","computed":true},"environments":{"type":["list","string"],"description":"A list of environment IDs associated with this resource.","description_kind":"plain","computed":true},"has_latest_calamari":{"type":"bool","description_kind":"plain","computed":true},"health_status":{"type":"string","description":"Represents the health status of this deployment target. Valid health statuses are `HasWarnings`, `Healthy`, `Unavailable`, `Unhealthy`, or `Unknown`.","description_kind":"plain","computed":true},"id":{"type":"string","description":"The unique ID for this resource.","description_kind":"plain","computed":true},"is_disabled":{"type":"bool","description_kind":"plain","computed":true},"is_in_process":{"type":"bool","description_kind":"plain","computed":true},"machine_policy_id":{"type":"string","description_kind":"plain","computed":true},"name":{"type":"string","description":"The name of this resource.","description_kind":"plain","computed":true},"operating_system":{"type":"string","description_kind":"plain","computed":true},"resource_group_name":{"type":"string","description_kind":"plain","computed":true},"roles":{"type":["list","string"],"description_kind":"plain","computed":true},"shell_name":{"type":"string","description_kind":"plain","computed":true},"shell_version":{"type":"string","description_kind":"plain","computed":true},"space_id":{"type":"string","description":"The space ID associated with this resource.","description_kind":"plain","computed":true},"status":{"type":"string","description":"The status of this resource. Valid statuses are `CalamariNeedsUpgrade`, `Disabled`, `NeedsUpgrade`, `Offline`, `Online`, or `Unknown`.","description_kind":"plain","computed":true},"status_summary":{"type":"string","description":"A summary elaborating on the status of this resource.","description_kind":"plain","computed":true},"tenant_tags":{"type":["list","string"],"description":"A list of tenant tags associated with this resource.","description_kind":"plain","computed":true},"tenanted_deployment_participation":{"type":"string","description":"The tenanted deployment mode of the resource. Valid account types are `Untenanted`, `TenantedOrUntenanted`, or `Tenanted`.","description_kind":"plain","computed":true},"tenants":{"type":["list","string"],"description":"A list of tenant IDs associated with this resource.","description_kind":"plain","computed":true},"thumbprint":{"type":"string","description_kind":"plain","computed":true},"uri":{"type":"string","description_kind":"plain","computed":true},"web_app_name":{"type":"string","description_kind":"plain","computed":true},"web_app_slot_name":{"type":"string","description_kind":"plain","computed":true}},"description":"A list of Azure web app deployment targets that match the filter(s).","description_kind":"plain"}}},"description":"Provides information about existing Azure web app deployment targets.","description_kind":"plain"}},"octopusdeploy_certificates":{"version":0,"block":{"attributes":{"archived":{"type":"string","description":"A filter to search for resources that have been archived.","description_kind":"plain","optional":true},"first_result":{"type":"string","description":"A filter to define the first result.","description_kind":"plain","optional":true},"id":{"type":"string","description":"A auto-generated identifier that includes the timestamp when this data source was last modified.","description_kind":"plain","computed":true},"ids":{"type":["list","string"],"description":"A filter to search by a list of IDs.","description_kind":"plain","optional":true},"order_by":{"type":"string","description":"A filter used to order the search results.","description_kind":"plain","optional":true},"partial_name":{"type":"string","description":"A filter to search by the partial match of a name.","description_kind":"plain","optional":true},"search":{"type":"string","description":"A filter of terms used the search operation.","description_kind":"plain","optional":true},"skip":{"type":"number","description":"A filter to specify the number of items to skip in the response.","description_kind":"plain","optional":true},"take":{"type":"number","description":"A filter to specify the number of items to take (or return) in the response.","description_kind":"plain","optional":true},"tenant":{"type":"string","description":"A filter to search by a tenant ID.","description_kind":"plain","optional":true}},"block_types":{"certificates":{"nesting_mode":"list","block":{"attributes":{"archived":{"type":"string","description_kind":"plain","computed":true},"certificate_data":{"type":"string","description":"The encoded data of the certificate.","description_kind":"plain","computed":true,"sensitive":true},"certificate_data_format":{"type":"string","description":"Specifies the archive file format used for storing cryptography objects in the certificate. Valid formats are `Der`, `Pem`, `Pkcs12`, or `Unknown`.","description_kind":"plain","computed":true},"environments":{"type":["list","string"],"description":"A list of environment IDs associated with this resource.","description_kind":"plain","computed":true},"has_private_key":{"type":"bool","description":"Indicates if the certificate has a private key.","description_kind":"plain","computed":true},"id":{"type":"string","description":"The unique ID for this resource.","description_kind":"plain","computed":true},"is_expired":{"type":"bool","description":"Indicates if the certificate has expired.","description_kind":"plain","computed":true},"issuer_common_name":{"type":"string","description_kind":"plain","computed":true},"issuer_distinguished_name":{"type":"string","description_kind":"plain","computed":true},"issuer_organization":{"type":"string","description_kind":"plain","computed":true},"name":{"type":"string","description":"The name of this resource.","description_kind":"plain","computed":true},"not_after":{"type":"string","description_kind":"plain","computed":true},"not_before":{"type":"string","description_kind":"plain","computed":true},"notes":{"type":"string","description_kind":"plain","computed":true},"password":{"type":"string","description":"The password associated with this resource.","description_kind":"plain","computed":true,"sensitive":true},"replaced_by":{"type":"string","description_kind":"plain","computed":true},"self_signed":{"type":"bool","description_kind":"plain","computed":true},"serial_number":{"type":"string","description_kind":"plain","computed":true},"signature_algorithm_name":{"type":"string","description_kind":"plain","computed":true},"subject_alternative_names":{"type":["list","string"],"description_kind":"plain","computed":true},"subject_common_name":{"type":"string","description_kind":"plain","computed":true},"subject_distinguished_name":{"type":"string","description_kind":"plain","computed":true},"subject_organization":{"type":"string","description_kind":"plain","computed":true},"tenant_tags":{"type":["list","string"],"description":"A list of tenant tags associated with this resource.","description_kind":"plain","computed":true},"tenanted_deployment_participation":{"type":"string","description":"The tenanted deployment mode of the resource. Valid account types are `Untenanted`, `TenantedOrUntenanted`, or `Tenanted`.","description_kind":"plain","computed":true},"tenants":{"type":["list","string"],"description":"A list of tenant IDs associated with this resource.","description_kind":"plain","computed":true},"thumbprint":{"type":"string","description_kind":"plain","computed":true},"version":{"type":"number","description_kind":"plain","computed":true}},"description":"A list of certificates that match the filter(s).","description_kind":"plain"}}},"description":"Provides information about existing certificates.","description_kind":"plain"}},"octopusdeploy_channels":{"version":0,"block":{"attributes":{"id":{"type":"string","description_kind":"plain","optional":true,"computed":true},"ids":{"type":["list","string"],"description":"A filter to search by a list of IDs.","description_kind":"plain","optional":true},"partial_name":{"type":"string","description":"A filter to search by the partial match of a name.","description_kind":"plain","optional":true},"skip":{"type":"number","description":"A filter to specify the number of items to skip in the response.","description_kind":"plain","optional":true},"take":{"type":"number","description":"A filter to specify the number of items to take (or return) in the response.","description_kind":"plain","optional":true}},"block_types":{"channels":{"nesting_mode":"list","block":{"attributes":{"description":{"type":"string","description":"The description of this resource.","description_kind":"plain","computed":true},"id":{"type":"string","description":"The unique ID for this resource.","description_kind":"plain","computed":true},"is_default":{"type":"bool","description":"Indicates if this is the default channel for the associated project.","description_kind":"plain","computed":true},"lifecycle_id":{"type":"string","description":"The lifecycle ID associated with this channel.","description_kind":"plain","computed":true},"name":{"type":"string","description":"The name of this resource.","description_kind":"plain","computed":true},"project_id":{"type":"string","description":"The project ID associated with this channel.","description_kind":"plain","computed":true},"rule":{"type":["list",["object",{"actions":["list","string"],"id":"string","tag":"string","version_range":"string"}]],"description":"A list of rules associated with this channel.","description_kind":"plain","computed":true},"space_id":{"type":"string","description":"The space ID associated with this resource.","description_kind":"plain","computed":true},"tenant_tags":{"type":["list","string"],"description":"A list of tenant tags associated with this resource.","description_kind":"plain","computed":true}},"description":"A channel that matches the specified filter(s).","description_kind":"plain"}}},"description":"Provides information about existing channels.","description_kind":"plain"}},"octopusdeploy_cloud_region_deployment_targets":{"version":0,"block":{"attributes":{"deployment_id":{"type":"string","description":"A filter to search by deployment ID.","description_kind":"plain","optional":true},"environments":{"type":["list","string"],"description":"A filter to search by a list of environment IDs.","description_kind":"plain","optional":true},"health_statuses":{"type":["list","string"],"description":"A filter to search by a list of health statuses of resources. Valid health statuses are `HasWarnings`, `Healthy`, `Unavailable`, `Unhealthy`, or `Unknown`.","description_kind":"plain","optional":true},"id":{"type":"string","description":"A auto-generated identifier that includes the timestamp when this data source was last modified.","description_kind":"plain","computed":true},"ids":{"type":["list","string"],"description":"A filter to search by a list of IDs.","description_kind":"plain","optional":true},"is_disabled":{"type":"bool","description":"A filter to search by the disabled status of a resource.","description_kind":"plain","optional":true},"name":{"type":"string","description":"A filter to search by name.","description_kind":"plain","optional":true},"partial_name":{"type":"string","description":"A filter to search by the partial match of a name.","description_kind":"plain","optional":true},"roles":{"type":["list","string"],"description":"A filter to search by a list of role IDs.","description_kind":"plain","optional":true},"shell_names":{"type":["list","string"],"description":"A list of shell names to match in the query and/or search","description_kind":"plain","optional":true},"skip":{"type":"number","description":"A filter to specify the number of items to skip in the response.","description_kind":"plain","optional":true},"take":{"type":"number","description":"A filter to specify the number of items to take (or return) in the response.","description_kind":"plain","optional":true},"tenant_tags":{"type":["list","string"],"description":"A filter to search by a list of tenant tags.","description_kind":"plain","optional":true},"tenants":{"type":["list","string"],"description":"A filter to search by a list of tenant IDs.","description_kind":"plain","optional":true},"thumbprint":{"type":"string","description":"The thumbprint of the deployment target to match in the query and/or search","description_kind":"plain","optional":true}},"block_types":{"cloud_region_deployment_targets":{"nesting_mode":"list","block":{"attributes":{"default_worker_pool_id":{"type":"string","description_kind":"plain","computed":true},"endpoint":{"type":["list",["object",{"aad_client_credential_secret":"string","aad_credential_type":"string","aad_user_credential_username":"string","account_id":"string","applications_directory":"string","authentication":["set",["object",{"account_id":"string","admin_login":"string","assume_role":"bool","assume_role_external_id":"string","assume_role_session_duration":"number","assumed_role_arn":"string","assumed_role_session":"string","authentication_type":"string","client_certificate":"string","cluster_name":"string","cluster_resource_group":"string","use_instance_role":"bool"}]],"certificate_signature_algorithm":"string","certificate_store_location":"string","certificate_store_name":"string","client_certificate_variable":"string","cloud_service_name":"string","cluster_certificate":"string","cluster_url":"string","communication_style":"string","connection_endpoint":"string","container":["list",["object",{"feed_id":"string","image":"string"}]],"default_worker_pool_id":"string","destination":["list",["object",{"destination_type":"string","drop_folder_path":"string"}]],"dot_net_core_platform":"string","fingerprint":"string","host":"string","id":"string","namespace":"string","port":"number","proxy_id":"string","resource_group_name":"string","running_in_container":"bool","security_mode":"string","server_certificate_thumbprint":"string","skip_tls_verification":"bool","slot":"string","storage_account_name":"string","swap_if_possible":"bool","tentacle_version_details":["list",["object",{"upgrade_locked":"bool","upgrade_required":"bool","upgrade_suggested":"bool","version":"string"}]],"thumbprint":"string","uri":"string","use_current_instance_count":"bool","web_app_name":"string","web_app_slot_name":"string","working_directory":"string"}]],"description_kind":"plain","computed":true},"environments":{"type":["list","string"],"description":"A list of environment IDs associated with this resource.","description_kind":"plain","computed":true},"has_latest_calamari":{"type":"bool","description_kind":"plain","computed":true},"health_status":{"type":"string","description":"Represents the health status of this deployment target. Valid health statuses are `HasWarnings`, `Healthy`, `Unavailable`, `Unhealthy`, or `Unknown`.","description_kind":"plain","computed":true},"id":{"type":"string","description":"The unique ID for this resource.","description_kind":"plain","computed":true},"is_disabled":{"type":"bool","description_kind":"plain","computed":true},"is_in_process":{"type":"bool","description_kind":"plain","computed":true},"machine_policy_id":{"type":"string","description_kind":"plain","computed":true},"name":{"type":"string","description":"The name of this resource.","description_kind":"plain","computed":true},"operating_system":{"type":"string","description_kind":"plain","computed":true},"roles":{"type":["list","string"],"description_kind":"plain","computed":true},"shell_name":{"type":"string","description_kind":"plain","computed":true},"shell_version":{"type":"string","description_kind":"plain","computed":true},"space_id":{"type":"string","description":"The space ID associated with this resource.","description_kind":"plain","computed":true},"status":{"type":"string","description":"The status of this resource. Valid statuses are `CalamariNeedsUpgrade`, `Disabled`, `NeedsUpgrade`, `Offline`, `Online`, or `Unknown`.","description_kind":"plain","computed":true},"status_summary":{"type":"string","description":"A summary elaborating on the status of this resource.","description_kind":"plain","computed":true},"tenant_tags":{"type":["list","string"],"description":"A list of tenant tags associated with this resource.","description_kind":"plain","computed":true},"tenanted_deployment_participation":{"type":"string","description":"The tenanted deployment mode of the resource. Valid account types are `Untenanted`, `TenantedOrUntenanted`, or `Tenanted`.","description_kind":"plain","computed":true},"tenants":{"type":["list","string"],"description":"A list of tenant IDs associated with this resource.","description_kind":"plain","computed":true},"thumbprint":{"type":"string","description_kind":"plain","computed":true},"uri":{"type":"string","description_kind":"plain","computed":true}},"description":"A list of cloud region deployment targets that match the filter(s).","description_kind":"plain"}}},"description":"Provides information about existing cloud region deployment targets.","description_kind":"plain"}},"octopusdeploy_deployment_targets":{"version":0,"block":{"attributes":{"communication_styles":{"type":["list","string"],"description":"A filter to search by a list of communication styles. Valid communication styles are `AzureCloudService`, `AzureServiceFabricCluster`, `AzureWebApp`, `Ftp`, `Kubernetes`, `None`, `OfflineDrop`, `Ssh`, `TentacleActive`, or `TentaclePassive`.","description_kind":"plain","optional":true},"deployment_id":{"type":"string","description":"A filter to search by deployment ID.","description_kind":"plain","optional":true},"environments":{"type":["list","string"],"description":"A filter to search by a list of environment IDs.","description_kind":"plain","optional":true},"health_statuses":{"type":["list","string"],"description":"A filter to search by a list of health statuses of resources. Valid health statuses are `HasWarnings`, `Healthy`, `Unavailable`, `Unhealthy`, or `Unknown`.","description_kind":"plain","optional":true},"id":{"type":"string","description_kind":"plain","optional":true,"computed":true},"ids":{"type":["list","string"],"description":"A filter to search by a list of IDs.","description_kind":"plain","optional":true},"is_disabled":{"type":"bool","description":"A filter to search by the disabled status of a resource.","description_kind":"plain","optional":true},"name":{"type":"string","description":"A filter to search by name.","description_kind":"plain","optional":true},"partial_name":{"type":"string","description":"A filter to search by the partial match of a name.","description_kind":"plain","optional":true},"roles":{"type":["list","string"],"description":"A filter to search by a list of role IDs.","description_kind":"plain","optional":true},"shell_names":{"type":["list","string"],"description":"A list of shell names to match in the query and/or search","description_kind":"plain","optional":true},"skip":{"type":"number","description":"A filter to specify the number of items to skip in the response.","description_kind":"plain","optional":true},"take":{"type":"number","description":"A filter to specify the number of items to take (or return) in the response.","description_kind":"plain","optional":true},"tenant_tags":{"type":["list","string"],"description":"A filter to search by a list of tenant tags.","description_kind":"plain","optional":true},"tenants":{"type":["list","string"],"description":"A filter to search by a list of tenant IDs.","description_kind":"plain","optional":true},"thumbprint":{"type":"string","description":"The thumbprint of the deployment target to match in the query and/or search","description_kind":"plain","optional":true}},"block_types":{"deployment_targets":{"nesting_mode":"list","block":{"attributes":{"endpoint":{"type":["list",["object",{"aad_client_credential_secret":"string","aad_credential_type":"string","aad_user_credential_username":"string","account_id":"string","applications_directory":"string","authentication":["set",["object",{"account_id":"string","admin_login":"string","assume_role":"bool","assume_role_external_id":"string","assume_role_session_duration":"number","assumed_role_arn":"string","assumed_role_session":"string","authentication_type":"string","client_certificate":"string","cluster_name":"string","cluster_resource_group":"string","use_instance_role":"bool"}]],"certificate_signature_algorithm":"string","certificate_store_location":"string","certificate_store_name":"string","client_certificate_variable":"string","cloud_service_name":"string","cluster_certificate":"string","cluster_url":"string","communication_style":"string","connection_endpoint":"string","container":["list",["object",{"feed_id":"string","image":"string"}]],"default_worker_pool_id":"string","destination":["list",["object",{"destination_type":"string","drop_folder_path":"string"}]],"dot_net_core_platform":"string","fingerprint":"string","host":"string","id":"string","namespace":"string","port":"number","proxy_id":"string","resource_group_name":"string","running_in_container":"bool","security_mode":"string","server_certificate_thumbprint":"string","skip_tls_verification":"bool","slot":"string","storage_account_name":"string","swap_if_possible":"bool","tentacle_version_details":["list",["object",{"upgrade_locked":"bool","upgrade_required":"bool","upgrade_suggested":"bool","version":"string"}]],"thumbprint":"string","uri":"string","use_current_instance_count":"bool","web_app_name":"string","web_app_slot_name":"string","working_directory":"string"}]],"description_kind":"plain","computed":true},"environments":{"type":["list","string"],"description":"A list of environment IDs associated with this resource.","description_kind":"plain","computed":true},"has_latest_calamari":{"type":"bool","description_kind":"plain","computed":true},"health_status":{"type":"string","description":"Represents the health status of this deployment target. Valid health statuses are `HasWarnings`, `Healthy`, `Unavailable`, `Unhealthy`, or `Unknown`.","description_kind":"plain","computed":true},"id":{"type":"string","description":"The unique ID for this resource.","description_kind":"plain","computed":true},"is_disabled":{"type":"bool","description_kind":"plain","computed":true},"is_in_process":{"type":"bool","description_kind":"plain","computed":true},"machine_policy_id":{"type":"string","description_kind":"plain","computed":true},"name":{"type":"string","description":"The name of this resource.","description_kind":"plain","computed":true},"operating_system":{"type":"string","description_kind":"plain","computed":true},"roles":{"type":["list","string"],"description_kind":"plain","computed":true},"shell_name":{"type":"string","description_kind":"plain","computed":true},"shell_version":{"type":"string","description_kind":"plain","computed":true},"space_id":{"type":"string","description":"The space ID associated with this resource.","description_kind":"plain","computed":true},"status":{"type":"string","description":"The status of this resource. Valid statuses are `CalamariNeedsUpgrade`, `Disabled`, `NeedsUpgrade`, `Offline`, `Online`, or `Unknown`.","description_kind":"plain","computed":true},"status_summary":{"type":"string","description":"A summary elaborating on the status of this resource.","description_kind":"plain","computed":true},"tenant_tags":{"type":["list","string"],"description":"A list of tenant tags associated with this resource.","description_kind":"plain","computed":true},"tenanted_deployment_participation":{"type":"string","description":"The tenanted deployment mode of the resource. Valid account types are `Untenanted`, `TenantedOrUntenanted`, or `Tenanted`.","description_kind":"plain","computed":true},"tenants":{"type":["list","string"],"description":"A list of tenant IDs associated with this resource.","description_kind":"plain","computed":true},"thumbprint":{"type":"string","description_kind":"plain","computed":true},"uri":{"type":"string","description_kind":"plain","computed":true}},"description":"A list of deployment targets that match the filter(s).","description_kind":"plain"}}},"description":"Provides information about existing deployment targets.","description_kind":"plain"}},"octopusdeploy_environments":{"version":0,"block":{"attributes":{"id":{"type":"string","description":"A auto-generated identifier that includes the timestamp when this data source was last modified.","description_kind":"plain","computed":true},"ids":{"type":["list","string"],"description":"A filter to search by a list of IDs.","description_kind":"plain","optional":true},"name":{"type":"string","description":"A filter to search by name.","description_kind":"plain","optional":true},"partial_name":{"type":"string","description":"A filter to search by the partial match of a name.","description_kind":"plain","optional":true},"skip":{"type":"number","description":"A filter to specify the number of items to skip in the response.","description_kind":"plain","optional":true},"take":{"type":"number","description":"A filter to specify the number of items to take (or return) in the response.","description_kind":"plain","optional":true}},"block_types":{"environments":{"nesting_mode":"list","block":{"attributes":{"allow_dynamic_infrastructure":{"type":"bool","description_kind":"plain","computed":true},"description":{"type":"string","description":"The description of this resource.","description_kind":"plain","computed":true},"id":{"type":"string","description":"The unique ID for this resource.","description_kind":"plain","computed":true},"name":{"type":"string","description":"The name of this resource.","description_kind":"plain","computed":true},"sort_order":{"type":"number","description_kind":"plain","computed":true},"use_guided_failure":{"type":"bool","description_kind":"plain","computed":true}},"description":"A list of environments that match the filter(s).","description_kind":"plain"}}},"description":"Provides information about existing environments.","description_kind":"plain"}},"octopusdeploy_feeds":{"version":0,"block":{"attributes":{"feed_type":{"type":"string","description":"A filter to search by feed type. Valid feed types are `AwsElasticContainerRegistry`, `BuiltIn`, `Docker`, `GitHub`, `Helm`, `Maven`, `NuGet`, or `OctopusProject`.","description_kind":"plain","optional":true},"id":{"type":"string","description_kind":"plain","optional":true,"computed":true},"ids":{"type":["list","string"],"description":"A filter to search by a list of IDs.","description_kind":"plain","optional":true},"partial_name":{"type":"string","description":"A filter to search by the partial match of a name.","description_kind":"plain","optional":true},"skip":{"type":"number","description":"A filter to specify the number of items to skip in the response.","description_kind":"plain","optional":true},"take":{"type":"number","description":"A filter to specify the number of items to take (or return) in the response.","description_kind":"plain","optional":true}},"block_types":{"feeds":{"nesting_mode":"list","block":{"attributes":{"access_key":{"type":"string","description_kind":"plain","computed":true},"api_version":{"type":"string","description_kind":"plain","computed":true},"delete_unreleased_packages_after_days":{"type":"number","description_kind":"plain","computed":true},"download_attempts":{"type":"number","description_kind":"plain","computed":true},"download_retry_backoff_seconds":{"type":"number","description_kind":"plain","computed":true},"feed_type":{"type":"string","description_kind":"plain","computed":true},"feed_uri":{"type":"string","description_kind":"plain","computed":true},"id":{"type":"string","description":"The unique ID for this resource.","description_kind":"plain","computed":true},"is_enhanced_mode":{"type":"bool","description_kind":"plain","computed":true},"name":{"type":"string","description":"The name of this resource.","description_kind":"plain","computed":true},"package_acquisition_location_options":{"type":["list","string"],"description_kind":"plain","computed":true},"password":{"type":"string","description":"The password associated with this resource.","description_kind":"plain","computed":true,"sensitive":true},"region":{"type":"string","description_kind":"plain","computed":true},"registry_path":{"type":"string","description_kind":"plain","computed":true},"secret_key":{"type":"string","description_kind":"plain","computed":true,"sensitive":true},"space_id":{"type":"string","description":"The space ID associated with this resource.","description_kind":"plain","computed":true},"username":{"type":"string","description":"The username associated with this resource.","description_kind":"plain","computed":true,"sensitive":true}},"description":"A list of feeds that match the filter(s).","description_kind":"plain"}}},"description":"Provides information about existing feeds.","description_kind":"plain"}},"octopusdeploy_kubernetes_cluster_deployment_targets":{"version":0,"block":{"attributes":{"deployment_id":{"type":"string","description":"A filter to search by deployment ID.","description_kind":"plain","optional":true},"environments":{"type":["list","string"],"description":"A filter to search by a list of environment IDs.","description_kind":"plain","optional":true},"health_statuses":{"type":["list","string"],"description":"A filter to search by a list of health statuses of resources. Valid health statuses are `HasWarnings`, `Healthy`, `Unavailable`, `Unhealthy`, or `Unknown`.","description_kind":"plain","optional":true},"id":{"type":"string","description":"A auto-generated identifier that includes the timestamp when this data source was last modified.","description_kind":"plain","computed":true},"ids":{"type":["list","string"],"description":"A filter to search by a list of IDs.","description_kind":"plain","optional":true},"is_disabled":{"type":"bool","description":"A filter to search by the disabled status of a resource.","description_kind":"plain","optional":true},"name":{"type":"string","description":"A filter to search by name.","description_kind":"plain","optional":true},"partial_name":{"type":"string","description":"A filter to search by the partial match of a name.","description_kind":"plain","optional":true},"roles":{"type":["list","string"],"description":"A filter to search by a list of role IDs.","description_kind":"plain","optional":true},"shell_names":{"type":["list","string"],"description":"A list of shell names to match in the query and/or search","description_kind":"plain","optional":true},"skip":{"type":"number","description":"A filter to specify the number of items to skip in the response.","description_kind":"plain","optional":true},"take":{"type":"number","description":"A filter to specify the number of items to take (or return) in the response.","description_kind":"plain","optional":true},"tenant_tags":{"type":["list","string"],"description":"A filter to search by a list of tenant tags.","description_kind":"plain","optional":true},"tenants":{"type":["list","string"],"description":"A filter to search by a list of tenant IDs.","description_kind":"plain","optional":true},"thumbprint":{"type":"string","description":"The thumbprint of the deployment target to match in the query and/or search","description_kind":"plain","optional":true}},"block_types":{"kubernetes_cluster_deployment_targets":{"nesting_mode":"list","block":{"attributes":{"authentication":{"type":["list",["object",{"account_id":"string"}]],"description_kind":"plain","computed":true},"aws_account_authentication":{"type":["list",["object",{"account_id":"string","assume_role":"bool","assume_role_external_id":"string","assume_role_session_duration":"number","assumed_role_arn":"string","assumed_role_session":"string","cluster_name":"string","use_instance_role":"bool"}]],"description_kind":"plain","computed":true},"azure_service_principal_authentication":{"type":["list",["object",{"account_id":"string","cluster_name":"string","cluster_resource_group":"string"}]],"description_kind":"plain","computed":true},"certificate_authentication":{"type":["set",["object",{"client_certificate":"string"}]],"description_kind":"plain","computed":true},"cluster_certificate":{"type":"string","description_kind":"plain","computed":true},"cluster_url":{"type":"string","description_kind":"plain","computed":true},"container":{"type":["list",["object",{"feed_id":"string","image":"string"}]],"description_kind":"plain","computed":true},"default_worker_pool_id":{"type":"string","description_kind":"plain","computed":true},"endpoint":{"type":["list",["object",{"aad_client_credential_secret":"string","aad_credential_type":"string","aad_user_credential_username":"string","account_id":"string","applications_directory":"string","authentication":["set",["object",{"account_id":"string","admin_login":"string","assume_role":"bool","assume_role_external_id":"string","assume_role_session_duration":"number","assumed_role_arn":"string","assumed_role_session":"string","authentication_type":"string","client_certificate":"string","cluster_name":"string","cluster_resource_group":"string","use_instance_role":"bool"}]],"certificate_signature_algorithm":"string","certificate_store_location":"string","certificate_store_name":"string","client_certificate_variable":"string","cloud_service_name":"string","cluster_certificate":"string","cluster_url":"string","communication_style":"string","connection_endpoint":"string","container":["list",["object",{"feed_id":"string","image":"string"}]],"default_worker_pool_id":"string","destination":["list",["object",{"destination_type":"string","drop_folder_path":"string"}]],"dot_net_core_platform":"string","fingerprint":"string","host":"string","id":"string","namespace":"string","port":"number","proxy_id":"string","resource_group_name":"string","running_in_container":"bool","security_mode":"string","server_certificate_thumbprint":"string","skip_tls_verification":"bool","slot":"string","storage_account_name":"string","swap_if_possible":"bool","tentacle_version_details":["list",["object",{"upgrade_locked":"bool","upgrade_required":"bool","upgrade_suggested":"bool","version":"string"}]],"thumbprint":"string","uri":"string","use_current_instance_count":"bool","web_app_name":"string","web_app_slot_name":"string","working_directory":"string"}]],"description_kind":"plain","computed":true},"environments":{"type":["list","string"],"description":"A list of environment IDs associated with this resource.","description_kind":"plain","computed":true},"has_latest_calamari":{"type":"bool","description_kind":"plain","computed":true},"health_status":{"type":"string","description":"Represents the health status of this deployment target. Valid health statuses are `HasWarnings`, `Healthy`, `Unavailable`, `Unhealthy`, or `Unknown`.","description_kind":"plain","computed":true},"id":{"type":"string","description":"The unique ID for this resource.","description_kind":"plain","computed":true},"is_disabled":{"type":"bool","description_kind":"plain","computed":true},"is_in_process":{"type":"bool","description_kind":"plain","computed":true},"machine_policy_id":{"type":"string","description_kind":"plain","computed":true},"name":{"type":"string","description":"The name of this resource.","description_kind":"plain","computed":true},"namespace":{"type":"string","description_kind":"plain","computed":true},"operating_system":{"type":"string","description_kind":"plain","computed":true},"proxy_id":{"type":"string","description_kind":"plain","computed":true},"roles":{"type":["list","string"],"description_kind":"plain","computed":true},"running_in_container":{"type":"bool","description_kind":"plain","computed":true},"shell_name":{"type":"string","description_kind":"plain","computed":true},"shell_version":{"type":"string","description_kind":"plain","computed":true},"skip_tls_verification":{"type":"bool","description_kind":"plain","computed":true},"space_id":{"type":"string","description":"The space ID associated with this resource.","description_kind":"plain","computed":true},"status":{"type":"string","description":"The status of this resource. Valid statuses are `CalamariNeedsUpgrade`, `Disabled`, `NeedsUpgrade`, `Offline`, `Online`, or `Unknown`.","description_kind":"plain","computed":true},"status_summary":{"type":"string","description":"A summary elaborating on the status of this resource.","description_kind":"plain","computed":true},"tenant_tags":{"type":["list","string"],"description":"A list of tenant tags associated with this resource.","description_kind":"plain","computed":true},"tenanted_deployment_participation":{"type":"string","description":"The tenanted deployment mode of the resource. Valid account types are `Untenanted`, `TenantedOrUntenanted`, or `Tenanted`.","description_kind":"plain","computed":true},"tenants":{"type":["list","string"],"description":"A list of tenant IDs associated with this resource.","description_kind":"plain","computed":true},"thumbprint":{"type":"string","description_kind":"plain","computed":true},"uri":{"type":"string","description_kind":"plain","computed":true}},"description":"A list of Kubernetes cluster deployment targets that match the filter(s).","description_kind":"plain"}}},"description":"Provides information about existing Kubernetes cluster deployment targets.","description_kind":"plain"}},"octopusdeploy_library_variable_sets":{"version":0,"block":{"attributes":{"id":{"type":"string","description_kind":"plain","optional":true,"computed":true},"name":{"type":"string","description":"The name of this resource.","description_kind":"plain","required":true}},"description":"Provides information about existing library variable sets.","description_kind":"plain"}},"octopusdeploy_lifecycles":{"version":0,"block":{"attributes":{"id":{"type":"string","description_kind":"plain","optional":true,"computed":true},"ids":{"type":["list","string"],"description":"A filter to search by a list of IDs.","description_kind":"plain","optional":true},"partial_name":{"type":"string","description":"A filter to search by the partial match of a name.","description_kind":"plain","optional":true},"skip":{"type":"number","description":"A filter to specify the number of items to skip in the response.","description_kind":"plain","optional":true},"take":{"type":"number","description":"A filter to specify the number of items to take (or return) in the response.","description_kind":"plain","optional":true}},"block_types":{"lifecycles":{"nesting_mode":"list","block":{"attributes":{"description":{"type":"string","description":"The description of this resource.","description_kind":"plain","computed":true},"id":{"type":"string","description":"The unique ID for this resource.","description_kind":"plain","computed":true},"name":{"type":"string","description":"The name of this resource.","description_kind":"plain","computed":true},"phase":{"type":["list",["object",{"automatic_deployment_targets":["list","string"],"id":"string","is_optional_phase":"bool","minimum_environments_before_promotion":"number","name":"string","optional_deployment_targets":["list","string"],"release_retention_policy":["list",["object",{"quantity_to_keep":"number","should_keep_forever":"bool","unit":"string"}]],"tentacle_retention_policy":["list",["object",{"quantity_to_keep":"number","should_keep_forever":"bool","unit":"string"}]]}]],"description_kind":"plain","computed":true},"release_retention_policy":{"type":["list",["object",{"quantity_to_keep":"number","should_keep_forever":"bool","unit":"string"}]],"description_kind":"plain","computed":true},"space_id":{"type":"string","description":"The space ID associated with this resource.","description_kind":"plain","computed":true},"tentacle_retention_policy":{"type":["list",["object",{"quantity_to_keep":"number","should_keep_forever":"bool","unit":"string"}]],"description_kind":"plain","computed":true}},"description":"A list of lifecycles that match the filter(s).","description_kind":"plain"}}},"description":"Provides information about existing lifecycles.","description_kind":"plain"}},"octopusdeploy_listening_tentacle_deployment_targets":{"version":0,"block":{"attributes":{"communication_styles":{"type":["list","string"],"description":"A filter to search by a list of communication styles. Valid communication styles are `AzureCloudService`, `AzureServiceFabricCluster`, `AzureWebApp`, `Ftp`, `Kubernetes`, `None`, `OfflineDrop`, `Ssh`, `TentacleActive`, or `TentaclePassive`.","description_kind":"plain","optional":true},"deployment_id":{"type":"string","description":"A filter to search by deployment ID.","description_kind":"plain","optional":true},"environments":{"type":["list","string"],"description":"A filter to search by a list of environment IDs.","description_kind":"plain","optional":true},"health_statuses":{"type":["list","string"],"description":"A filter to search by a list of health statuses of resources. Valid health statuses are `HasWarnings`, `Healthy`, `Unavailable`, `Unhealthy`, or `Unknown`.","description_kind":"plain","optional":true},"id":{"type":"string","description":"A auto-generated identifier that includes the timestamp when this data source was last modified.","description_kind":"plain","computed":true},"ids":{"type":["list","string"],"description":"A filter to search by a list of IDs.","description_kind":"plain","optional":true},"is_disabled":{"type":"bool","description":"A filter to search by the disabled status of a resource.","description_kind":"plain","optional":true},"name":{"type":"string","description":"A filter to search by name.","description_kind":"plain","optional":true},"partial_name":{"type":"string","description":"A filter to search by the partial match of a name.","description_kind":"plain","optional":true},"roles":{"type":["list","string"],"description":"A filter to search by a list of role IDs.","description_kind":"plain","optional":true},"shell_names":{"type":["list","string"],"description":"A list of shell names to match in the query and/or search","description_kind":"plain","optional":true},"skip":{"type":"number","description":"A filter to specify the number of items to skip in the response.","description_kind":"plain","optional":true},"take":{"type":"number","description":"A filter to specify the number of items to take (or return) in the response.","description_kind":"plain","optional":true},"tenant_tags":{"type":["list","string"],"description":"A filter to search by a list of tenant tags.","description_kind":"plain","optional":true},"tenants":{"type":["list","string"],"description":"A filter to search by a list of tenant IDs.","description_kind":"plain","optional":true},"thumbprint":{"type":"string","description":"The thumbprint of the deployment target to match in the query and/or search","description_kind":"plain","optional":true}},"block_types":{"deployment_targets":{"nesting_mode":"list","block":{"attributes":{"endpoint":{"type":["list",["object",{"aad_client_credential_secret":"string","aad_credential_type":"string","aad_user_credential_username":"string","account_id":"string","applications_directory":"string","authentication":["set",["object",{"account_id":"string","admin_login":"string","assume_role":"bool","assume_role_external_id":"string","assume_role_session_duration":"number","assumed_role_arn":"string","assumed_role_session":"string","authentication_type":"string","client_certificate":"string","cluster_name":"string","cluster_resource_group":"string","use_instance_role":"bool"}]],"certificate_signature_algorithm":"string","certificate_store_location":"string","certificate_store_name":"string","client_certificate_variable":"string","cloud_service_name":"string","cluster_certificate":"string","cluster_url":"string","communication_style":"string","connection_endpoint":"string","container":["list",["object",{"feed_id":"string","image":"string"}]],"default_worker_pool_id":"string","destination":["list",["object",{"destination_type":"string","drop_folder_path":"string"}]],"dot_net_core_platform":"string","fingerprint":"string","host":"string","id":"string","namespace":"string","port":"number","proxy_id":"string","resource_group_name":"string","running_in_container":"bool","security_mode":"string","server_certificate_thumbprint":"string","skip_tls_verification":"bool","slot":"string","storage_account_name":"string","swap_if_possible":"bool","tentacle_version_details":["list",["object",{"upgrade_locked":"bool","upgrade_required":"bool","upgrade_suggested":"bool","version":"string"}]],"thumbprint":"string","uri":"string","use_current_instance_count":"bool","web_app_name":"string","web_app_slot_name":"string","working_directory":"string"}]],"description_kind":"plain","computed":true},"environments":{"type":["list","string"],"description":"A list of environment IDs associated with this resource.","description_kind":"plain","computed":true},"has_latest_calamari":{"type":"bool","description_kind":"plain","computed":true},"health_status":{"type":"string","description":"Represents the health status of this deployment target. Valid health statuses are `HasWarnings`, `Healthy`, `Unavailable`, `Unhealthy`, or `Unknown`.","description_kind":"plain","computed":true},"id":{"type":"string","description":"The unique ID for this resource.","description_kind":"plain","computed":true},"is_disabled":{"type":"bool","description_kind":"plain","computed":true},"is_in_process":{"type":"bool","description_kind":"plain","computed":true},"machine_policy_id":{"type":"string","description_kind":"plain","computed":true},"name":{"type":"string","description":"The name of this resource.","description_kind":"plain","computed":true},"operating_system":{"type":"string","description_kind":"plain","computed":true},"roles":{"type":["list","string"],"description_kind":"plain","computed":true},"shell_name":{"type":"string","description_kind":"plain","computed":true},"shell_version":{"type":"string","description_kind":"plain","computed":true},"space_id":{"type":"string","description":"The space ID associated with this resource.","description_kind":"plain","computed":true},"status":{"type":"string","description":"The status of this resource. Valid statuses are `CalamariNeedsUpgrade`, `Disabled`, `NeedsUpgrade`, `Offline`, `Online`, or `Unknown`.","description_kind":"plain","computed":true},"status_summary":{"type":"string","description":"A summary elaborating on the status of this resource.","description_kind":"plain","computed":true},"tenant_tags":{"type":["list","string"],"description":"A list of tenant tags associated with this resource.","description_kind":"plain","computed":true},"tenanted_deployment_participation":{"type":"string","description":"The tenanted deployment mode of the resource. Valid account types are `Untenanted`, `TenantedOrUntenanted`, or `Tenanted`.","description_kind":"plain","computed":true},"tenants":{"type":["list","string"],"description":"A list of tenant IDs associated with this resource.","description_kind":"plain","computed":true},"thumbprint":{"type":"string","description_kind":"plain","computed":true},"uri":{"type":"string","description_kind":"plain","computed":true}},"description":"A list of deployment targets that match the filter(s).","description_kind":"plain"}},"listening_tentacle_deployment_targets":{"nesting_mode":"list","block":{"attributes":{"certificate_signature_algorithm":{"type":"string","description_kind":"plain","computed":true},"environments":{"type":["list","string"],"description":"A list of environment IDs associated with this resource.","description_kind":"plain","computed":true},"has_latest_calamari":{"type":"bool","description_kind":"plain","computed":true},"health_status":{"type":"string","description":"Represents the health status of this deployment target. Valid health statuses are `HasWarnings`, `Healthy`, `Unavailable`, `Unhealthy`, or `Unknown`.","description_kind":"plain","computed":true},"id":{"type":"string","description":"The unique ID for this resource.","description_kind":"plain","computed":true},"is_disabled":{"type":"bool","description":"Represents the disabled status of this deployment target.","description_kind":"plain","computed":true},"is_in_process":{"type":"bool","description":"Represents the in-process status of this deployment target.","description_kind":"plain","computed":true},"machine_policy_id":{"type":"string","description":"The machine policy ID that is associated with this deployment target.","description_kind":"plain","computed":true},"name":{"type":"string","description":"The name of this resource.","description_kind":"plain","computed":true},"operating_system":{"type":"string","description":"The operating system that is associated with this deployment target.","description_kind":"plain","computed":true},"proxy_id":{"type":"string","description":"The proxy ID that is associated with this deployment target.","description_kind":"plain","computed":true},"roles":{"type":["list","string"],"description":"A list of role IDs that are associated with this deployment target.","description_kind":"plain","computed":true},"shell_name":{"type":"string","description":"The shell name associated with this deployment target.","description_kind":"plain","computed":true},"shell_version":{"type":"string","description":"The shell version associated with this deployment target.","description_kind":"plain","computed":true},"space_id":{"type":"string","description":"The space ID associated with this resource.","description_kind":"plain","computed":true},"status":{"type":"string","description":"The status of this resource. Valid statuses are `CalamariNeedsUpgrade`, `Disabled`, `NeedsUpgrade`, `Offline`, `Online`, or `Unknown`.","description_kind":"plain","computed":true},"status_summary":{"type":"string","description":"A summary elaborating on the status of this resource.","description_kind":"plain","computed":true},"tenant_tags":{"type":["list","string"],"description":"A list of tenant tags associated with this resource.","description_kind":"plain","computed":true},"tenanted_deployment_participation":{"type":"string","description":"The tenanted deployment mode of the resource. Valid account types are `Untenanted`, `TenantedOrUntenanted`, or `Tenanted`.","description_kind":"plain","computed":true},"tenants":{"type":["list","string"],"description":"A list of tenant IDs associated with this resource.","description_kind":"plain","computed":true},"tentacle_url":{"type":"string","description":"The tenant URL of this deployment target.","description_kind":"plain","computed":true},"tentacle_version_details":{"type":["list",["object",{"upgrade_locked":"bool","upgrade_required":"bool","upgrade_suggested":"bool","version":"string"}]],"description_kind":"plain","computed":true},"thumbprint":{"type":"string","description":"The thumbprint of this deployment target.","description_kind":"plain","computed":true},"uri":{"type":"string","description":"The URI of this deployment target.","description_kind":"plain","computed":true}},"description":"A list of listening tentacle deployment targets that match the filter(s).","description_kind":"plain"}}},"description":"Provides information about existing listening tentacle deployment targets.","description_kind":"plain"}},"octopusdeploy_machine":{"version":0,"block":{"attributes":{"endpoint_communicationstyle":{"type":"string","description_kind":"plain","computed":true},"endpoint_id":{"type":"string","description_kind":"plain","computed":true},"endpoint_proxyid":{"type":"string","description_kind":"plain","computed":true},"endpoint_tentacleversiondetails_upgradelocked":{"type":"string","description_kind":"plain","computed":true},"endpoint_tentacleversiondetails_upgraderequired":{"type":"string","description_kind":"plain","computed":true},"endpoint_tentacleversiondetails_upgradesuggested":{"type":"string","description_kind":"plain","computed":true},"endpoint_tentacleversiondetails_version":{"type":"string","description_kind":"plain","computed":true},"endpoint_thumbprint":{"type":"string","description_kind":"plain","computed":true},"endpoint_uri":{"type":"string","description_kind":"plain","computed":true},"environments":{"type":["list","string"],"description_kind":"plain","computed":true},"haslatestcalamari":{"type":"bool","description_kind":"plain","computed":true},"id":{"type":"string","description_kind":"plain","optional":true,"computed":true},"isdisabled":{"type":"bool","description_kind":"plain","computed":true},"isinprocess":{"type":"bool","description_kind":"plain","computed":true},"machinepolicy":{"type":"string","description_kind":"plain","computed":true},"name":{"type":"string","description_kind":"plain","required":true},"roles":{"type":["list","string"],"description_kind":"plain","computed":true},"status":{"type":"string","description_kind":"plain","computed":true},"statussummary":{"type":"string","description_kind":"plain","computed":true},"tenanteddeploymentparticipation":{"type":"string","description_kind":"plain","computed":true},"tenantids":{"type":["list","string"],"description_kind":"plain","computed":true},"tenanttags":{"type":["list","string"],"description_kind":"plain","computed":true}},"description_kind":"plain","deprecated":true}},"octopusdeploy_machine_policies":{"version":0,"block":{"attributes":{"id":{"type":"string","description_kind":"plain","optional":true,"computed":true},"ids":{"type":["list","string"],"description":"A filter to search by a list of IDs.","description_kind":"plain","optional":true},"partial_name":{"type":"string","description":"A filter to search by the partial match of a name.","description_kind":"plain","optional":true},"skip":{"type":"number","description":"A filter to specify the number of items to skip in the response.","description_kind":"plain","optional":true},"take":{"type":"number","description":"A filter to specify the number of items to take (or return) in the response.","description_kind":"plain","optional":true}},"block_types":{"machine_policies":{"nesting_mode":"list","block":{"attributes":{"connection_connect_timeout":{"type":"number","description_kind":"plain","computed":true},"connection_retry_count_limit":{"type":"number","description_kind":"plain","computed":true},"connection_retry_sleep_interval":{"type":"number","description_kind":"plain","computed":true},"connection_retry_time_limit":{"type":"number","description_kind":"plain","computed":true},"description":{"type":"string","description":"The description of this resource.","description_kind":"plain","computed":true},"id":{"type":"string","description":"The unique ID for this resource.","description_kind":"plain","computed":true},"is_default":{"type":"bool","description_kind":"plain","computed":true},"machine_cleanup_policy":{"type":["set",["object",{"delete_machines_behavior":"string","delete_machines_elapsed_timespan":"number"}]],"description_kind":"plain","computed":true},"machine_connectivity_policy":{"type":["set",["object",{"machine_connectivity_behavior":"string"}]],"description_kind":"plain","computed":true},"machine_health_check_policy":{"type":["set",["object",{"bash_health_check_policy":["list",["object",{"run_type":"string","script_body":"string"}]],"health_check_cron":"string","health_check_cron_timezone":"string","health_check_interval":"number","health_check_type":"string","powershell_health_check_policy":["list",["object",{"run_type":"string","script_body":"string"}]]}]],"description_kind":"plain","computed":true},"machine_update_policy":{"type":["set",["object",{"calamari_update_behavior":"string","tentacle_update_account_id":"string","tentacle_update_behavior":"string"}]],"description_kind":"plain","computed":true},"name":{"type":"string","description":"The name of this resource.","description_kind":"plain","computed":true},"polling_request_maximum_message_processing_timeout":{"type":"number","description_kind":"plain","computed":true},"polling_request_queue_timeout":{"type":"number","description_kind":"plain","computed":true},"space_id":{"type":"string","description":"The space ID associated with this resource.","description_kind":"plain","computed":true}},"description":"A list of machine policies that match the filter(s).","description_kind":"plain"}}},"description":"Provides information about existing machine policies.","description_kind":"plain"}},"octopusdeploy_offline_package_drop_deployment_targets":{"version":0,"block":{"attributes":{"deployment_id":{"type":"string","description":"A filter to search by deployment ID.","description_kind":"plain","optional":true},"environments":{"type":["list","string"],"description":"A filter to search by a list of environment IDs.","description_kind":"plain","optional":true},"health_statuses":{"type":["list","string"],"description":"A filter to search by a list of health statuses of resources. Valid health statuses are `HasWarnings`, `Healthy`, `Unavailable`, `Unhealthy`, or `Unknown`.","description_kind":"plain","optional":true},"id":{"type":"string","description":"A auto-generated identifier that includes the timestamp when this data source was last modified.","description_kind":"plain","computed":true},"ids":{"type":["list","string"],"description":"A filter to search by a list of IDs.","description_kind":"plain","optional":true},"is_disabled":{"type":"bool","description":"A filter to search by the disabled status of a resource.","description_kind":"plain","optional":true},"name":{"type":"string","description":"A filter to search by name.","description_kind":"plain","optional":true},"partial_name":{"type":"string","description":"A filter to search by the partial match of a name.","description_kind":"plain","optional":true},"roles":{"type":["list","string"],"description":"A filter to search by a list of role IDs.","description_kind":"plain","optional":true},"shell_names":{"type":["list","string"],"description":"A list of shell names to match in the query and/or search","description_kind":"plain","optional":true},"skip":{"type":"number","description":"A filter to specify the number of items to skip in the response.","description_kind":"plain","optional":true},"take":{"type":"number","description":"A filter to specify the number of items to take (or return) in the response.","description_kind":"plain","optional":true},"tenant_tags":{"type":["list","string"],"description":"A filter to search by a list of tenant tags.","description_kind":"plain","optional":true},"tenants":{"type":["list","string"],"description":"A filter to search by a list of tenant IDs.","description_kind":"plain","optional":true},"thumbprint":{"type":"string","description":"The thumbprint of the deployment target to match in the query and/or search","description_kind":"plain","optional":true}},"block_types":{"offline_package_drop_deployment_targets":{"nesting_mode":"list","block":{"attributes":{"applications_directory":{"type":"string","description_kind":"plain","computed":true},"destination":{"type":["list",["object",{"destination_type":"string","drop_folder_path":"string"}]],"description_kind":"plain","computed":true},"endpoint":{"type":["list",["object",{"aad_client_credential_secret":"string","aad_credential_type":"string","aad_user_credential_username":"string","account_id":"string","applications_directory":"string","authentication":["set",["object",{"account_id":"string","admin_login":"string","assume_role":"bool","assume_role_external_id":"string","assume_role_session_duration":"number","assumed_role_arn":"string","assumed_role_session":"string","authentication_type":"string","client_certificate":"string","cluster_name":"string","cluster_resource_group":"string","use_instance_role":"bool"}]],"certificate_signature_algorithm":"string","certificate_store_location":"string","certificate_store_name":"string","client_certificate_variable":"string","cloud_service_name":"string","cluster_certificate":"string","cluster_url":"string","communication_style":"string","connection_endpoint":"string","container":["list",["object",{"feed_id":"string","image":"string"}]],"default_worker_pool_id":"string","destination":["list",["object",{"destination_type":"string","drop_folder_path":"string"}]],"dot_net_core_platform":"string","fingerprint":"string","host":"string","id":"string","namespace":"string","port":"number","proxy_id":"string","resource_group_name":"string","running_in_container":"bool","security_mode":"string","server_certificate_thumbprint":"string","skip_tls_verification":"bool","slot":"string","storage_account_name":"string","swap_if_possible":"bool","tentacle_version_details":["list",["object",{"upgrade_locked":"bool","upgrade_required":"bool","upgrade_suggested":"bool","version":"string"}]],"thumbprint":"string","uri":"string","use_current_instance_count":"bool","web_app_name":"string","web_app_slot_name":"string","working_directory":"string"}]],"description_kind":"plain","computed":true},"environments":{"type":["list","string"],"description":"A list of environment IDs associated with this resource.","description_kind":"plain","computed":true},"has_latest_calamari":{"type":"bool","description_kind":"plain","computed":true},"health_status":{"type":"string","description":"Represents the health status of this deployment target. Valid health statuses are `HasWarnings`, `Healthy`, `Unavailable`, `Unhealthy`, or `Unknown`.","description_kind":"plain","computed":true},"id":{"type":"string","description":"The unique ID for this resource.","description_kind":"plain","computed":true},"is_disabled":{"type":"bool","description_kind":"plain","computed":true},"is_in_process":{"type":"bool","description_kind":"plain","computed":true},"machine_policy_id":{"type":"string","description_kind":"plain","computed":true},"name":{"type":"string","description":"The name of this resource.","description_kind":"plain","computed":true},"operating_system":{"type":"string","description_kind":"plain","computed":true},"roles":{"type":["list","string"],"description_kind":"plain","computed":true},"shell_name":{"type":"string","description_kind":"plain","computed":true},"shell_version":{"type":"string","description_kind":"plain","computed":true},"space_id":{"type":"string","description":"The space ID associated with this resource.","description_kind":"plain","computed":true},"status":{"type":"string","description":"The status of this resource. Valid statuses are `CalamariNeedsUpgrade`, `Disabled`, `NeedsUpgrade`, `Offline`, `Online`, or `Unknown`.","description_kind":"plain","computed":true},"status_summary":{"type":"string","description":"A summary elaborating on the status of this resource.","description_kind":"plain","computed":true},"tenant_tags":{"type":["list","string"],"description":"A list of tenant tags associated with this resource.","description_kind":"plain","computed":true},"tenanted_deployment_participation":{"type":"string","description":"The tenanted deployment mode of the resource. Valid account types are `Untenanted`, `TenantedOrUntenanted`, or `Tenanted`.","description_kind":"plain","computed":true},"tenants":{"type":["list","string"],"description":"A list of tenant IDs associated with this resource.","description_kind":"plain","computed":true},"thumbprint":{"type":"string","description_kind":"plain","computed":true},"uri":{"type":"string","description_kind":"plain","computed":true},"working_directory":{"type":"string","description_kind":"plain","computed":true}},"description":"A list of offline package drop deployment targets that match the filter(s).","description_kind":"plain"}}},"description":"Provides information about existing offline package drop deployment targets.","description_kind":"plain"}},"octopusdeploy_polling_tentacle_deployment_targets":{"version":0,"block":{"attributes":{"deployment_id":{"type":"string","description":"A filter to search by deployment ID.","description_kind":"plain","optional":true},"environments":{"type":["list","string"],"description":"A filter to search by a list of environment IDs.","description_kind":"plain","optional":true},"health_statuses":{"type":["list","string"],"description":"A filter to search by a list of health statuses of resources. Valid health statuses are `HasWarnings`, `Healthy`, `Unavailable`, `Unhealthy`, or `Unknown`.","description_kind":"plain","optional":true},"id":{"type":"string","description":"A auto-generated identifier that includes the timestamp when this data source was last modified.","description_kind":"plain","computed":true},"ids":{"type":["list","string"],"description":"A filter to search by a list of IDs.","description_kind":"plain","optional":true},"is_disabled":{"type":"bool","description":"A filter to search by the disabled status of a resource.","description_kind":"plain","optional":true},"name":{"type":"string","description":"A filter to search by name.","description_kind":"plain","optional":true},"partial_name":{"type":"string","description":"A filter to search by the partial match of a name.","description_kind":"plain","optional":true},"roles":{"type":["list","string"],"description":"A filter to search by a list of role IDs.","description_kind":"plain","optional":true},"shell_names":{"type":["list","string"],"description":"A list of shell names to match in the query and/or search","description_kind":"plain","optional":true},"skip":{"type":"number","description":"A filter to specify the number of items to skip in the response.","description_kind":"plain","optional":true},"take":{"type":"number","description":"A filter to specify the number of items to take (or return) in the response.","description_kind":"plain","optional":true},"tenant_tags":{"type":["list","string"],"description":"A filter to search by a list of tenant tags.","description_kind":"plain","optional":true},"tenants":{"type":["list","string"],"description":"A filter to search by a list of tenant IDs.","description_kind":"plain","optional":true},"thumbprint":{"type":"string","description":"The thumbprint of the deployment target to match in the query and/or search","description_kind":"plain","optional":true}},"block_types":{"polling_tentacle_deployment_targets":{"nesting_mode":"list","block":{"attributes":{"certificate_signature_algorithm":{"type":"string","description_kind":"plain","computed":true},"endpoint":{"type":["list",["object",{"aad_client_credential_secret":"string","aad_credential_type":"string","aad_user_credential_username":"string","account_id":"string","applications_directory":"string","authentication":["set",["object",{"account_id":"string","admin_login":"string","assume_role":"bool","assume_role_external_id":"string","assume_role_session_duration":"number","assumed_role_arn":"string","assumed_role_session":"string","authentication_type":"string","client_certificate":"string","cluster_name":"string","cluster_resource_group":"string","use_instance_role":"bool"}]],"certificate_signature_algorithm":"string","certificate_store_location":"string","certificate_store_name":"string","client_certificate_variable":"string","cloud_service_name":"string","cluster_certificate":"string","cluster_url":"string","communication_style":"string","connection_endpoint":"string","container":["list",["object",{"feed_id":"string","image":"string"}]],"default_worker_pool_id":"string","destination":["list",["object",{"destination_type":"string","drop_folder_path":"string"}]],"dot_net_core_platform":"string","fingerprint":"string","host":"string","id":"string","namespace":"string","port":"number","proxy_id":"string","resource_group_name":"string","running_in_container":"bool","security_mode":"string","server_certificate_thumbprint":"string","skip_tls_verification":"bool","slot":"string","storage_account_name":"string","swap_if_possible":"bool","tentacle_version_details":["list",["object",{"upgrade_locked":"bool","upgrade_required":"bool","upgrade_suggested":"bool","version":"string"}]],"thumbprint":"string","uri":"string","use_current_instance_count":"bool","web_app_name":"string","web_app_slot_name":"string","working_directory":"string"}]],"description_kind":"plain","computed":true},"environments":{"type":["list","string"],"description":"A list of environment IDs associated with this resource.","description_kind":"plain","computed":true},"has_latest_calamari":{"type":"bool","description_kind":"plain","computed":true},"health_status":{"type":"string","description":"Represents the health status of this deployment target. Valid health statuses are `HasWarnings`, `Healthy`, `Unavailable`, `Unhealthy`, or `Unknown`.","description_kind":"plain","computed":true},"id":{"type":"string","description":"The unique ID for this resource.","description_kind":"plain","computed":true},"is_disabled":{"type":"bool","description_kind":"plain","computed":true},"is_in_process":{"type":"bool","description_kind":"plain","computed":true},"machine_policy_id":{"type":"string","description_kind":"plain","computed":true},"name":{"type":"string","description":"The name of this resource.","description_kind":"plain","computed":true},"operating_system":{"type":"string","description_kind":"plain","computed":true},"roles":{"type":["list","string"],"description_kind":"plain","computed":true},"shell_name":{"type":"string","description_kind":"plain","computed":true},"shell_version":{"type":"string","description_kind":"plain","computed":true},"space_id":{"type":"string","description":"The space ID associated with this resource.","description_kind":"plain","computed":true},"status":{"type":"string","description":"The status of this resource. Valid statuses are `CalamariNeedsUpgrade`, `Disabled`, `NeedsUpgrade`, `Offline`, `Online`, or `Unknown`.","description_kind":"plain","computed":true},"status_summary":{"type":"string","description":"A summary elaborating on the status of this resource.","description_kind":"plain","computed":true},"tenant_tags":{"type":["list","string"],"description":"A list of tenant tags associated with this resource.","description_kind":"plain","computed":true},"tenanted_deployment_participation":{"type":"string","description":"The tenanted deployment mode of the resource. Valid account types are `Untenanted`, `TenantedOrUntenanted`, or `Tenanted`.","description_kind":"plain","computed":true},"tenants":{"type":["list","string"],"description":"A list of tenant IDs associated with this resource.","description_kind":"plain","computed":true},"tentacle_url":{"type":"string","description_kind":"plain","computed":true},"tentacle_version_details":{"type":["list",["object",{"upgrade_locked":"bool","upgrade_required":"bool","upgrade_suggested":"bool","version":"string"}]],"description_kind":"plain","computed":true},"thumbprint":{"type":"string","description_kind":"plain","computed":true},"uri":{"type":"string","description_kind":"plain","computed":true}},"description":"A list of polling tentacle deployment targets that match the filter(s).","description_kind":"plain"}}},"description":"Provides information about existing polling tentacle deployment targets.","description_kind":"plain"}},"octopusdeploy_project_groups":{"version":0,"block":{"attributes":{"id":{"type":"string","description":"A auto-generated identifier that includes the timestamp when this data source was last modified.","description_kind":"plain","computed":true},"ids":{"type":["list","string"],"description":"A filter to search by a list of IDs.","description_kind":"plain","optional":true},"partial_name":{"type":"string","description":"A filter to search by the partial match of a name.","description_kind":"plain","optional":true},"skip":{"type":"number","description":"A filter to specify the number of items to skip in the response.","description_kind":"plain","optional":true},"take":{"type":"number","description":"A filter to specify the number of items to take (or return) in the response.","description_kind":"plain","optional":true}},"block_types":{"project_groups":{"nesting_mode":"list","block":{"attributes":{"description":{"type":"string","description":"The description of this resource.","description_kind":"plain","computed":true},"environments":{"type":["list","string"],"description":"A list of environment IDs associated with this resource.","description_kind":"plain","computed":true},"id":{"type":"string","description":"The unique ID for this resource.","description_kind":"plain","computed":true},"name":{"type":"string","description":"The name of this resource.","description_kind":"plain","computed":true},"retention_policy_id":{"type":"string","description_kind":"plain","computed":true}},"description":"A list of project groups that match the filter(s).","description_kind":"plain"}}},"description":"Provides information about existing project groups.","description_kind":"plain"}},"octopusdeploy_projects":{"version":0,"block":{"attributes":{"cloned_from_project_id":{"type":"string","description":"A filter to search for cloned resources by a project ID.","description_kind":"plain","optional":true},"id":{"type":"string","description":"A auto-generated identifier that includes the timestamp when this data source was last modified.","description_kind":"plain","computed":true},"ids":{"type":["list","string"],"description":"A filter to search by a list of IDs.","description_kind":"plain","optional":true},"is_clone":{"type":"bool","description":"A filter to search for cloned resources.","description_kind":"plain","optional":true},"name":{"type":"string","description":"A filter to search by name.","description_kind":"plain","optional":true},"partial_name":{"type":"string","description":"A filter to search by the partial match of a name.","description_kind":"plain","optional":true},"skip":{"type":"number","description":"A filter to specify the number of items to skip in the response.","description_kind":"plain","optional":true},"take":{"type":"number","description":"A filter to specify the number of items to take (or return) in the response.","description_kind":"plain","optional":true}},"block_types":{"projects":{"nesting_mode":"list","block":{"attributes":{"allow_deployments_to_no_targets":{"type":"bool","description_kind":"plain","deprecated":true,"computed":true},"auto_create_release":{"type":"bool","description_kind":"plain","computed":true},"auto_deploy_release_overrides":{"type":["list","string"],"description_kind":"plain","computed":true},"cloned_from_project_id":{"type":"string","description_kind":"plain","computed":true},"connectivity_policy":{"type":["list",["object",{"allow_deployments_to_no_targets":"bool","exclude_unhealthy_targets":"bool","skip_machine_behavior":"string","target_roles":["list","string"]}]],"description_kind":"plain","computed":true},"default_guided_failure_mode":{"type":"string","description_kind":"plain","computed":true},"default_to_skip_if_already_installed":{"type":"bool","description_kind":"plain","computed":true},"deployment_changes_template":{"type":"string","description_kind":"plain","computed":true},"deployment_process_id":{"type":"string","description_kind":"plain","computed":true},"description":{"type":"string","description":"The description of this resource.","description_kind":"plain","computed":true},"discrete_channel_release":{"type":"bool","description":"Treats releases of different channels to the same environment as a separate deployment dimension","description_kind":"plain","computed":true},"extension_settings":{"type":["set",["object",{"extension_id":"string","values":["list","string"]}]],"description_kind":"plain","computed":true},"id":{"type":"string","description":"The unique ID for this resource.","description_kind":"plain","computed":true},"included_library_variable_sets":{"type":["list","string"],"description_kind":"plain","computed":true},"is_disabled":{"type":"bool","description_kind":"plain","computed":true},"is_discrete_channel_release":{"type":"bool","description":"Treats releases of different channels to the same environment as a separate deployment dimension","description_kind":"plain","computed":true},"is_version_controlled":{"type":"bool","description_kind":"plain","computed":true},"lifecycle_id":{"type":"string","description":"The lifecycle ID associated with this project.","description_kind":"plain","computed":true},"name":{"type":"string","description":"The name of this resource.","description_kind":"plain","computed":true},"project_group_id":{"type":"string","description_kind":"plain","computed":true},"release_creation_strategy":{"type":["list",["object",{"channel_id":"string","release_creation_package":["list",["object",{"deployment_action":"string","package_reference":"string"}]],"release_creation_package_step_id":"string"}]],"description_kind":"plain","computed":true},"release_notes_template":{"type":"string","description_kind":"plain","computed":true},"slug":{"type":"string","description_kind":"plain","computed":true},"space_id":{"type":"string","description":"The space ID associated with this resource.","description_kind":"plain","computed":true},"templates":{"type":["list",["object",{"default_value":"string","display_settings":["map","string"],"help_text":"string","id":"string","label":"string","name":"string"}]],"description_kind":"plain","computed":true},"tenanted_deployment_participation":{"type":"string","description":"The tenanted deployment mode of the resource. Valid account types are `Untenanted`, `TenantedOrUntenanted`, or `Tenanted`.","description_kind":"plain","computed":true},"variable_set_id":{"type":"string","description_kind":"plain","computed":true},"version_control_settings":{"type":["set",["object",{"default_branch":"string","password":"string","url":"string","username":"string"}]],"description_kind":"plain","computed":true},"versioning_strategy":{"type":["set",["object",{"donor_package":["list",["object",{"deployment_action":"string","package_reference":"string"}]],"donor_package_step_id":"string","template":"string"}]],"description_kind":"plain","computed":true}},"description":"A list of projects that match the filter(s).","description_kind":"plain"}}},"description":"Provides information about existing projects.","description_kind":"plain"}},"octopusdeploy_spaces":{"version":0,"block":{"attributes":{"id":{"type":"string","description":"A auto-generated identifier that includes the timestamp when this data source was last modified.","description_kind":"plain","computed":true},"ids":{"type":["list","string"],"description":"A filter to search by a list of IDs.","description_kind":"plain","optional":true},"name":{"type":"string","description":"A filter to search by name.","description_kind":"plain","optional":true},"partial_name":{"type":"string","description":"A filter to search by the partial match of a name.","description_kind":"plain","optional":true},"skip":{"type":"number","description":"A filter to specify the number of items to skip in the response.","description_kind":"plain","optional":true},"take":{"type":"number","description":"A filter to specify the number of items to take (or return) in the response.","description_kind":"plain","optional":true}},"block_types":{"spaces":{"nesting_mode":"list","block":{"attributes":{"description":{"type":"string","description":"The description of this resource.","description_kind":"plain","computed":true},"id":{"type":"string","description":"The unique ID for this resource.","description_kind":"plain","computed":true},"is_default":{"type":"bool","description":"Specifies if this space is the default space in Octopus.","description_kind":"plain","computed":true},"is_task_queue_stopped":{"type":"bool","description":"Specifies the status of the task queue for this space.","description_kind":"plain","computed":true},"name":{"type":"string","description":"The name of this resource.","description_kind":"plain","computed":true},"space_managers_team_members":{"type":["list","string"],"description":"A list of user IDs designated to be managers of this space.","description_kind":"plain","computed":true},"space_managers_teams":{"type":["list","string"],"description":"A list of team IDs designated to be managers of this space.","description_kind":"plain","computed":true}},"description":"A list of spaces that match the filter(s).","description_kind":"plain"}}},"description":"Provides information about existing spaces.","description_kind":"plain"}},"octopusdeploy_ssh_connection_deployment_targets":{"version":0,"block":{"attributes":{"deployment_id":{"type":"string","description":"A filter to search by deployment ID.","description_kind":"plain","optional":true},"environments":{"type":["list","string"],"description":"A filter to search by a list of environment IDs.","description_kind":"plain","optional":true},"health_statuses":{"type":["list","string"],"description":"A filter to search by a list of health statuses of resources. Valid health statuses are `HasWarnings`, `Healthy`, `Unavailable`, `Unhealthy`, or `Unknown`.","description_kind":"plain","optional":true},"id":{"type":"string","description":"A auto-generated identifier that includes the timestamp when this data source was last modified.","description_kind":"plain","computed":true},"ids":{"type":["list","string"],"description":"A filter to search by a list of IDs.","description_kind":"plain","optional":true},"is_disabled":{"type":"bool","description":"A filter to search by the disabled status of a resource.","description_kind":"plain","optional":true},"name":{"type":"string","description":"A filter to search by name.","description_kind":"plain","optional":true},"partial_name":{"type":"string","description":"A filter to search by the partial match of a name.","description_kind":"plain","optional":true},"roles":{"type":["list","string"],"description":"A filter to search by a list of role IDs.","description_kind":"plain","optional":true},"shell_names":{"type":["list","string"],"description":"A list of shell names to match in the query and/or search","description_kind":"plain","optional":true},"skip":{"type":"number","description":"A filter to specify the number of items to skip in the response.","description_kind":"plain","optional":true},"take":{"type":"number","description":"A filter to specify the number of items to take (or return) in the response.","description_kind":"plain","optional":true},"tenant_tags":{"type":["list","string"],"description":"A filter to search by a list of tenant tags.","description_kind":"plain","optional":true},"tenants":{"type":["list","string"],"description":"A filter to search by a list of tenant IDs.","description_kind":"plain","optional":true},"thumbprint":{"type":"string","description":"The thumbprint of the deployment target to match in the query and/or search","description_kind":"plain","optional":true}},"block_types":{"ssh_connection_deployment_targets":{"nesting_mode":"list","block":{"attributes":{"account_id":{"type":"string","description_kind":"plain","computed":true},"dot_net_core_platform":{"type":"string","description_kind":"plain","computed":true},"endpoint":{"type":["list",["object",{"aad_client_credential_secret":"string","aad_credential_type":"string","aad_user_credential_username":"string","account_id":"string","applications_directory":"string","authentication":["set",["object",{"account_id":"string","admin_login":"string","assume_role":"bool","assume_role_external_id":"string","assume_role_session_duration":"number","assumed_role_arn":"string","assumed_role_session":"string","authentication_type":"string","client_certificate":"string","cluster_name":"string","cluster_resource_group":"string","use_instance_role":"bool"}]],"certificate_signature_algorithm":"string","certificate_store_location":"string","certificate_store_name":"string","client_certificate_variable":"string","cloud_service_name":"string","cluster_certificate":"string","cluster_url":"string","communication_style":"string","connection_endpoint":"string","container":["list",["object",{"feed_id":"string","image":"string"}]],"default_worker_pool_id":"string","destination":["list",["object",{"destination_type":"string","drop_folder_path":"string"}]],"dot_net_core_platform":"string","fingerprint":"string","host":"string","id":"string","namespace":"string","port":"number","proxy_id":"string","resource_group_name":"string","running_in_container":"bool","security_mode":"string","server_certificate_thumbprint":"string","skip_tls_verification":"bool","slot":"string","storage_account_name":"string","swap_if_possible":"bool","tentacle_version_details":["list",["object",{"upgrade_locked":"bool","upgrade_required":"bool","upgrade_suggested":"bool","version":"string"}]],"thumbprint":"string","uri":"string","use_current_instance_count":"bool","web_app_name":"string","web_app_slot_name":"string","working_directory":"string"}]],"description_kind":"plain","computed":true},"environments":{"type":["list","string"],"description":"A list of environment IDs associated with this resource.","description_kind":"plain","computed":true},"fingerprint":{"type":"string","description_kind":"plain","computed":true},"has_latest_calamari":{"type":"bool","description_kind":"plain","computed":true},"health_status":{"type":"string","description":"Represents the health status of this deployment target. Valid health statuses are `HasWarnings`, `Healthy`, `Unavailable`, `Unhealthy`, or `Unknown`.","description_kind":"plain","computed":true},"host":{"type":"string","description_kind":"plain","computed":true},"id":{"type":"string","description":"The unique ID for this resource.","description_kind":"plain","computed":true},"is_disabled":{"type":"bool","description_kind":"plain","computed":true},"is_in_process":{"type":"bool","description_kind":"plain","computed":true},"machine_policy_id":{"type":"string","description_kind":"plain","computed":true},"name":{"type":"string","description":"The name of this resource.","description_kind":"plain","computed":true},"operating_system":{"type":"string","description_kind":"plain","computed":true},"port":{"type":"number","description_kind":"plain","computed":true},"proxy_id":{"type":"string","description_kind":"plain","computed":true},"roles":{"type":["list","string"],"description_kind":"plain","computed":true},"shell_name":{"type":"string","description_kind":"plain","computed":true},"shell_version":{"type":"string","description_kind":"plain","computed":true},"space_id":{"type":"string","description":"The space ID associated with this resource.","description_kind":"plain","computed":true},"status":{"type":"string","description":"The status of this resource. Valid statuses are `CalamariNeedsUpgrade`, `Disabled`, `NeedsUpgrade`, `Offline`, `Online`, or `Unknown`.","description_kind":"plain","computed":true},"status_summary":{"type":"string","description":"A summary elaborating on the status of this resource.","description_kind":"plain","computed":true},"tenant_tags":{"type":["list","string"],"description":"A list of tenant tags associated with this resource.","description_kind":"plain","computed":true},"tenanted_deployment_participation":{"type":"string","description":"The tenanted deployment mode of the resource. Valid account types are `Untenanted`, `TenantedOrUntenanted`, or `Tenanted`.","description_kind":"plain","computed":true},"tenants":{"type":["list","string"],"description":"A list of tenant IDs associated with this resource.","description_kind":"plain","computed":true},"thumbprint":{"type":"string","description_kind":"plain","computed":true},"uri":{"type":"string","description_kind":"plain","computed":true}},"description":"A list of SSH connection deployment targets that match the filter(s).","description_kind":"plain"}}},"description":"Provides information about existing SSH connection deployment targets.","description_kind":"plain"}},"octopusdeploy_tag_sets":{"version":0,"block":{"attributes":{"id":{"type":"string","description_kind":"plain","optional":true,"computed":true},"ids":{"type":["list","string"],"description":"A filter to search by a list of IDs.","description_kind":"plain","optional":true},"partial_name":{"type":"string","description":"A filter to search by the partial match of a name.","description_kind":"plain","optional":true},"skip":{"type":"number","description":"A filter to specify the number of items to skip in the response.","description_kind":"plain","optional":true},"take":{"type":"number","description":"A filter to specify the number of items to take (or return) in the response.","description_kind":"plain","optional":true}},"block_types":{"tag_sets":{"nesting_mode":"list","block":{"attributes":{"description":{"type":"string","description":"The description of this resource.","description_kind":"plain","computed":true},"id":{"type":"string","description":"The unique ID for this resource.","description_kind":"plain","computed":true},"name":{"type":"string","description":"The name of this resource.","description_kind":"plain","computed":true},"sort_order":{"type":"number","description":"The sort order associated with this resource.","description_kind":"plain","computed":true},"space_id":{"type":"string","description":"The space ID associated with this resource.","description_kind":"plain","computed":true},"tag":{"type":["list",["object",{"canonical_tag_name":"string","color":"string","description":"string","id":"string","name":"string","sort_order":"number"}]],"description":"A list of tags.","description_kind":"plain","computed":true}},"description":"A list of tag sets that match the filter(s).","description_kind":"plain"}}},"description":"Provides information about existing tag sets.","description_kind":"plain"}},"octopusdeploy_teams":{"version":0,"block":{"attributes":{"id":{"type":"string","description":"A auto-generated identifier that includes the timestamp when this data source was last modified.","description_kind":"plain","computed":true},"ids":{"type":["list","string"],"description":"A filter to search by a list of IDs.","description_kind":"plain","optional":true},"include_system":{"type":"bool","description":"A filter to include system teams.","description_kind":"plain","optional":true},"partial_name":{"type":"string","description":"A filter to search by the partial match of a name.","description_kind":"plain","optional":true},"skip":{"type":"number","description":"A filter to specify the number of items to skip in the response.","description_kind":"plain","optional":true},"take":{"type":"number","description":"A filter to specify the number of items to take (or return) in the response.","description_kind":"plain","optional":true}},"block_types":{"spaces":{"nesting_mode":"list","block":{"attributes":{"can_be_deleted":{"type":"bool","description_kind":"plain","computed":true},"can_be_renamed":{"type":"bool","description_kind":"plain","computed":true},"can_change_members":{"type":"bool","description_kind":"plain","computed":true},"can_change_roles":{"type":"bool","description_kind":"plain","computed":true},"description":{"type":"string","description_kind":"plain","computed":true},"external_security_groups":{"type":["list",["object",{"display_id_and_name":"bool","display_name":"string","id":"string"}]],"description_kind":"plain","computed":true},"id":{"type":"string","description":"The unique ID for this resource.","description_kind":"plain","computed":true},"name":{"type":"string","description_kind":"plain","computed":true},"space_id":{"type":"string","description_kind":"plain","computed":true},"users":{"type":["list","string"],"description":"A list of user IDs designated to be members of this team.","description_kind":"plain","computed":true}},"description":"A list of spaces that match the filter(s).","description_kind":"plain"}},"teams":{"nesting_mode":"list","block":{"attributes":{"can_be_deleted":{"type":"bool","description_kind":"plain","computed":true},"can_be_renamed":{"type":"bool","description_kind":"plain","computed":true},"can_change_members":{"type":"bool","description_kind":"plain","computed":true},"can_change_roles":{"type":"bool","description_kind":"plain","computed":true},"description":{"type":"string","description_kind":"plain","computed":true},"external_security_groups":{"type":["list",["object",{"display_id_and_name":"bool","display_name":"string","id":"string"}]],"description_kind":"plain","computed":true},"id":{"type":"string","description":"The unique ID for this resource.","description_kind":"plain","computed":true},"name":{"type":"string","description_kind":"plain","computed":true},"space_id":{"type":"string","description_kind":"plain","computed":true},"users":{"type":["list","string"],"description":"A list of user IDs designated to be members of this team.","description_kind":"plain","computed":true}},"description":"A list of teams that match the filter(s).","description_kind":"plain"}}},"description":"Provides information about existing users.","description_kind":"plain"}},"octopusdeploy_tenants":{"version":0,"block":{"attributes":{"cloned_from_tenant_id":{"type":"string","description":"A filter to search for a cloned tenant by its ID.","description_kind":"plain","optional":true},"id":{"type":"string","description":"A auto-generated identifier that includes the timestamp when this data source was last modified.","description_kind":"plain","computed":true},"ids":{"type":["list","string"],"description":"A filter to search by a list of IDs.","description_kind":"plain","optional":true},"is_clone":{"type":"bool","description":"A filter to search for cloned resources.","description_kind":"plain","optional":true},"name":{"type":"string","description":"A filter to search by name.","description_kind":"plain","optional":true},"partial_name":{"type":"string","description":"A filter to search by the partial match of a name.","description_kind":"plain","optional":true},"project_id":{"type":"string","description":"A filter to search by a project ID.","description_kind":"plain","optional":true},"skip":{"type":"number","description":"A filter to specify the number of items to skip in the response.","description_kind":"plain","optional":true},"tags":{"type":["list","string"],"description":"A filter to search by a list of tags.","description_kind":"plain","optional":true},"take":{"type":"number","description":"A filter to specify the number of items to take (or return) in the response.","description_kind":"plain","optional":true}},"block_types":{"tenants":{"nesting_mode":"list","block":{"attributes":{"cloned_from_tenant_id":{"type":"string","description":"The ID of the tenant from which this tenant was cloned.","description_kind":"plain","computed":true},"description":{"type":"string","description":"The description of this resource.","description_kind":"plain","computed":true},"id":{"type":"string","description":"The unique ID for this resource.","description_kind":"plain","computed":true},"name":{"type":"string","description":"The name of this resource.","description_kind":"plain","computed":true},"project_environment":{"type":["set",["object",{"environments":["list","string"],"project_id":"string"}]],"description_kind":"plain","computed":true},"space_id":{"type":"string","description":"The space ID associated with this resource.","description_kind":"plain","computed":true},"tenant_tags":{"type":["list","string"],"description":"A list of tenant tags associated with this resource.","description_kind":"plain","computed":true}},"description":"A list of tenants that match the filter(s).","description_kind":"plain"}}},"description":"Provides information about existing tenants.","description_kind":"plain"}},"octopusdeploy_user_roles":{"version":0,"block":{"attributes":{"id":{"type":"string","description":"A auto-generated identifier that includes the timestamp when this data source was last modified.","description_kind":"plain","computed":true},"ids":{"type":["list","string"],"description":"A filter to search by a list of IDs.","description_kind":"plain","optional":true},"partial_name":{"type":"string","description":"A filter to search by the partial match of a name.","description_kind":"plain","optional":true},"skip":{"type":"number","description":"A filter to specify the number of items to skip in the response.","description_kind":"plain","optional":true},"take":{"type":"number","description":"A filter to specify the number of items to take (or return) in the response.","description_kind":"plain","optional":true}},"block_types":{"user_roles":{"nesting_mode":"list","block":{"attributes":{"can_be_deleted":{"type":"bool","description_kind":"plain","computed":true},"description":{"type":"string","description":"The description of this resource.","description_kind":"plain","computed":true},"granted_space_permissions":{"type":["list","string"],"description_kind":"plain","computed":true},"granted_system_permissions":{"type":["list","string"],"description_kind":"plain","computed":true},"id":{"type":"string","description":"The unique ID for this resource.","description_kind":"plain","computed":true},"name":{"type":"string","description":"The name of this resource.","description_kind":"plain","computed":true},"space_permission_descriptions":{"type":["list","string"],"description_kind":"plain","computed":true},"supported_restrictions":{"type":["list","string"],"description_kind":"plain","computed":true},"system_permission_descriptions":{"type":["list","string"],"description_kind":"plain","computed":true}},"description":"A list of user roles that match the filter(s).","description_kind":"plain"}}},"description":"Provides information about existing user roles.","description_kind":"plain"}},"octopusdeploy_users":{"version":0,"block":{"attributes":{"filter":{"type":"string","description":"A filter with which to search.","description_kind":"plain","optional":true},"id":{"type":"string","description":"A auto-generated identifier that includes the timestamp when this data source was last modified.","description_kind":"plain","computed":true},"ids":{"type":["list","string"],"description":"A filter to search by a list of IDs.","description_kind":"plain","optional":true},"skip":{"type":"number","description":"A filter to specify the number of items to skip in the response.","description_kind":"plain","optional":true},"take":{"type":"number","description":"A filter to specify the number of items to take (or return) in the response.","description_kind":"plain","optional":true}},"block_types":{"users":{"nesting_mode":"list","block":{"attributes":{"can_password_be_edited":{"type":"bool","description_kind":"plain","computed":true},"display_name":{"type":"string","description":"The display name of this resource.","description_kind":"plain","computed":true},"email_address":{"type":"string","description":"The email address of this resource.","description_kind":"plain","computed":true},"id":{"type":"string","description":"The unique ID for this resource.","description_kind":"plain","computed":true},"identity":{"type":["set",["object",{"claim":["set",["object",{"is_identifying_claim":"bool","name":"string","value":"string"}]],"provider":"string"}]],"description_kind":"plain","computed":true},"is_active":{"type":"bool","description_kind":"plain","computed":true},"is_requestor":{"type":"bool","description_kind":"plain","computed":true},"is_service":{"type":"bool","description_kind":"plain","computed":true},"password":{"type":"string","description":"The password associated with this resource.","description_kind":"plain","computed":true,"sensitive":true},"username":{"type":"string","description":"The username associated with this resource.","description_kind":"plain","computed":true,"sensitive":true}},"description":"A list of users that match the filter(s).","description_kind":"plain"}}},"description":"Provides information about existing users.","description_kind":"plain"}},"octopusdeploy_variables":{"version":0,"block":{"attributes":{"id":{"type":"string","description":"A auto-generated identifier that includes the timestamp when this data source was last modified.","description_kind":"plain","computed":true}},"block_types":{"variables":{"nesting_mode":"list","block":{"attributes":{"description":{"type":"string","description":"The description of this resource.","description_kind":"plain","computed":true},"encrypted_value":{"type":"string","description_kind":"plain","computed":true},"is_sensitive":{"type":"bool","description":"Indicates whether or not this resource is considered sensitive and should be kept secret.","description_kind":"plain","computed":true},"key_fingerprint":{"type":"string","description_kind":"plain","computed":true},"name":{"type":"string","description":"The name of this resource.","description_kind":"plain","computed":true},"pgp_key":{"type":"string","description_kind":"plain","computed":true,"sensitive":true},"project_id":{"type":"string","description_kind":"plain","computed":true},"prompt":{"type":["set",["object",{"description":"string","is_required":"bool","label":"string"}]],"description_kind":"plain","computed":true},"scope":{"type":["set",["object",{"actions":["list","string"],"channels":["list","string"],"environments":["list","string"],"machines":["list","string"],"roles":["list","string"],"tenant_tags":["list","string"]}]],"description_kind":"plain","computed":true},"sensitive_value":{"type":"string","description_kind":"plain","computed":true,"sensitive":true},"type":{"type":"string","description":"The type of variable represented by this resource. Valid types are `AmazonWebServicesAccount`, `AzureAccount`, `Certificate`, `Sensitive`, `String`, or `WorkerPool`.","description_kind":"plain","computed":true},"value":{"type":"string","description_kind":"plain","computed":true}},"description":"A list of variables that match the filter(s).","description_kind":"plain"}}},"description":"Provides information about existing variables.","description_kind":"plain"}}}}}}
