{"format_version":"0.2","provider_schemas":{"registry.terraform.io/philips-software/hsdp":{"provider":{"version":0,"block":{"attributes":{"cartel_host":{"type":"string","description":"The Cartel host","description_kind":"plain","optional":true},"cartel_no_tls":{"type":"bool","description":"Disable TLS for Cartel","description_kind":"plain","optional":true},"cartel_secret":{"type":"string","description":"The Cartel secret key","description_kind":"plain","optional":true,"sensitive":true},"cartel_skip_verify":{"type":"bool","description":"Skip certificate verification","description_kind":"plain","optional":true},"cartel_token":{"type":"string","description":"The Cartel token key","description_kind":"plain","optional":true,"sensitive":true},"credentials_url":{"type":"string","description":"The HSDP S3 Credentials instance URL","description_kind":"plain","optional":true},"debug":{"type":"bool","description":"Enable debugging output","description_kind":"plain","deprecated":true,"optional":true},"debug_log":{"type":"string","description":"The log file to write debugging output to","description_kind":"plain","optional":true},"environment":{"type":"string","description":"The HSDP environment to configure for","description_kind":"plain","optional":true},"iam_url":{"type":"string","description":"The HSDP IAM instance URL","description_kind":"plain","optional":true},"idm_url":{"type":"string","description":"The HSDP IDM instance URL","description_kind":"plain","optional":true},"oauth2_client_id":{"type":"string","description":"The OAuth2 client id","description_kind":"plain","optional":true},"oauth2_password":{"type":"string","description":"The OAuth2 password","description_kind":"plain","optional":true,"sensitive":true},"org_admin_password":{"type":"string","description":"The password of the Organization Admin","description_kind":"plain","optional":true,"sensitive":true},"org_admin_username":{"type":"string","description":"The username of the Organization Admin","description_kind":"plain","optional":true},"org_id":{"type":"string","description":"The (top level) Organization ID - UUID","description_kind":"plain","deprecated":true,"optional":true},"region":{"type":"string","description":"The HSDP region to configure for","description_kind":"plain","optional":true},"retry_max":{"type":"number","description":"Maximum number of retries for API requests","description_kind":"plain","optional":true},"secret_key":{"type":"string","description":"The secret key","description_kind":"plain","optional":true,"sensitive":true},"service_id":{"type":"string","description":"The service ID to use as Organization Admin","description_kind":"plain","optional":true},"service_private_key":{"type":"string","description":"The private key of the service ID","description_kind":"plain","optional":true,"sensitive":true},"shared_key":{"type":"string","description":"The shared key","description_kind":"plain","optional":true},"uaa_password":{"type":"string","description":"The password of the Cloudfoundry account to use","description_kind":"plain","optional":true,"sensitive":true},"uaa_url":{"type":"string","description":"The URL of the UAA server","description_kind":"plain","optional":true},"uaa_username":{"type":"string","description":"The username of the Cloudfoundry account to use","description_kind":"plain","optional":true}},"description_kind":"plain"}},"resource_schemas":{"hsdp_cdr_org":{"version":0,"block":{"attributes":{"fhir_store":{"type":"string","description_kind":"plain","required":true},"id":{"type":"string","description_kind":"plain","optional":true,"computed":true},"name":{"type":"string","description_kind":"plain","required":true},"org_id":{"type":"string","description_kind":"plain","required":true},"part_of":{"type":"string","description_kind":"plain","optional":true}},"description_kind":"plain"}},"hsdp_cdr_subscription":{"version":0,"block":{"attributes":{"criteria":{"type":"string","description_kind":"plain","required":true},"delete_endpoint":{"type":"string","description_kind":"plain","optional":true},"end":{"type":"string","description_kind":"plain","required":true},"endpoint":{"type":"string","description_kind":"plain","optional":true},"fhir_store":{"type":"string","description_kind":"plain","required":true},"headers":{"type":["set","string"],"description_kind":"plain","optional":true},"id":{"type":"string","description_kind":"plain","optional":true,"computed":true},"reason":{"type":"string","description_kind":"plain","required":true},"status":{"type":"string","description_kind":"plain","computed":true}},"description_kind":"plain"}},"hsdp_container_host":{"version":3,"block":{"attributes":{"bastion_host":{"type":"string","description_kind":"plain","optional":true},"block_devices":{"type":["set","string"],"description_kind":"plain","computed":true},"commands":{"type":["list","string"],"description_kind":"plain","optional":true},"encrypt_volumes":{"type":"bool","description_kind":"plain","optional":true},"id":{"type":"string","description_kind":"plain","optional":true,"computed":true},"instance_role":{"type":"string","description_kind":"plain","optional":true},"instance_type":{"type":"string","description_kind":"plain","optional":true},"iops":{"type":"number","description_kind":"plain","optional":true},"launch_time":{"type":"string","description_kind":"plain","computed":true},"name":{"type":"string","description_kind":"plain","required":true},"private_ip":{"type":"string","description_kind":"plain","computed":true},"private_key":{"type":"string","description_kind":"plain","optional":true,"sensitive":true},"protect":{"type":"bool","description_kind":"plain","optional":true},"public_ip":{"type":"string","description_kind":"plain","computed":true},"role":{"type":"string","description_kind":"plain","computed":true},"security_groups":{"type":["set","string"],"description_kind":"plain","optional":true},"subnet":{"type":"string","description_kind":"plain","optional":true,"computed":true},"subnet_type":{"type":"string","description_kind":"plain","optional":true,"computed":true},"tags":{"type":["map","string"],"description_kind":"plain","optional":true},"user":{"type":"string","description_kind":"plain","optional":true},"user_groups":{"type":["set","string"],"description_kind":"plain","optional":true},"volume_size":{"type":"number","description_kind":"plain","optional":true},"volume_type":{"type":"string","description_kind":"plain","optional":true},"volumes":{"type":"number","description_kind":"plain","optional":true},"vpc":{"type":"string","description_kind":"plain","computed":true},"zone":{"type":"string","description_kind":"plain","computed":true}},"block_types":{"file":{"nesting_mode":"set","block":{"attributes":{"content":{"type":"string","description_kind":"plain","optional":true},"destination":{"type":"string","description_kind":"plain","required":true},"source":{"type":"string","description_kind":"plain","optional":true}},"description_kind":"plain"}},"timeouts":{"nesting_mode":"single","block":{"attributes":{"create":{"type":"string","description_kind":"plain","optional":true},"delete":{"type":"string","description_kind":"plain","optional":true},"update":{"type":"string","description_kind":"plain","optional":true}},"description_kind":"plain"}}},"description_kind":"plain"}},"hsdp_container_host_exec":{"version":0,"block":{"attributes":{"bastion_host":{"type":"string","description_kind":"plain","optional":true},"commands":{"type":["list","string"],"description_kind":"plain","optional":true},"host":{"type":"string","description_kind":"plain","required":true},"id":{"type":"string","description_kind":"plain","optional":true,"computed":true},"private_key":{"type":"string","description_kind":"plain","required":true,"sensitive":true},"triggers":{"type":["map","string"],"description":"A map of arbitrary strings that, when changed, will force the 'hsdp_container_host_exec' resource to be replaced, re-running any associated commands.","description_kind":"plain","optional":true},"user":{"type":"string","description_kind":"plain","required":true}},"block_types":{"file":{"nesting_mode":"set","block":{"attributes":{"content":{"type":"string","description_kind":"plain","optional":true},"destination":{"type":"string","description_kind":"plain","required":true},"source":{"type":"string","description_kind":"plain","optional":true}},"description_kind":"plain"}}},"description":"The `hsdp_container_host_exec` resource implements the standard resource lifecycle but takes no further action.\nThe `triggers` argument allows specifying an arbitrary set of values that, when changed, will cause the resource to be replaced.","description_kind":"plain"}},"hsdp_credentials_policy":{"version":0,"block":{"attributes":{"id":{"type":"string","description_kind":"plain","optional":true,"computed":true},"policy":{"type":"string","description_kind":"plain","required":true},"product_key":{"type":"string","description_kind":"plain","required":true,"sensitive":true}},"description_kind":"plain"}},"hsdp_iam_application":{"version":0,"block":{"attributes":{"description":{"type":"string","description_kind":"plain","required":true},"global_reference_id":{"type":"string","description_kind":"plain","required":true},"id":{"type":"string","description_kind":"plain","optional":true,"computed":true},"name":{"type":"string","description_kind":"plain","required":true},"proposition_id":{"type":"string","description_kind":"plain","required":true}},"description_kind":"plain"}},"hsdp_iam_client":{"version":0,"block":{"attributes":{"access_token_lifetime":{"type":"number","description_kind":"plain","optional":true},"application_id":{"type":"string","description_kind":"plain","required":true},"client_id":{"type":"string","description_kind":"plain","required":true},"consent_implied":{"type":"bool","description_kind":"plain","optional":true},"default_scopes":{"type":["set","string"],"description_kind":"plain","required":true},"description":{"type":"string","description_kind":"plain","required":true},"disabled":{"type":"bool","description_kind":"plain","computed":true},"global_reference_id":{"type":"string","description_kind":"plain","required":true},"id":{"type":"string","description_kind":"plain","optional":true,"computed":true},"id_token_lifetime":{"type":"number","description_kind":"plain","optional":true},"name":{"type":"string","description_kind":"plain","required":true},"password":{"type":"string","description_kind":"plain","required":true,"sensitive":true},"redirection_uris":{"type":["set","string"],"description_kind":"plain","required":true},"refresh_token_lifetime":{"type":"number","description_kind":"plain","optional":true},"response_types":{"type":["set","string"],"description_kind":"plain","required":true},"scopes":{"type":["set","string"],"description_kind":"plain","required":true},"type":{"type":"string","description_kind":"plain","required":true}},"description_kind":"plain"}},"hsdp_iam_email_template":{"version":0,"block":{"attributes":{"format":{"type":"string","description_kind":"plain","optional":true},"from":{"type":"string","description_kind":"plain","optional":true},"id":{"type":"string","description_kind":"plain","optional":true,"computed":true},"link":{"type":"string","description_kind":"plain","optional":true},"locale":{"type":"string","description_kind":"plain","optional":true},"managing_organization":{"type":"string","description_kind":"plain","required":true},"message":{"type":"string","description_kind":"plain","required":true},"message_base64":{"type":"string","description_kind":"plain","computed":true},"subject":{"type":"string","description_kind":"plain","optional":true},"type":{"type":"string","description_kind":"plain","required":true}},"description_kind":"plain"}},"hsdp_iam_group":{"version":0,"block":{"attributes":{"description":{"type":"string","description_kind":"plain","required":true},"id":{"type":"string","description_kind":"plain","optional":true,"computed":true},"managing_organization":{"type":"string","description_kind":"plain","required":true},"name":{"type":"string","description_kind":"plain","required":true},"roles":{"type":["set","string"],"description_kind":"plain","required":true},"services":{"type":["set","string"],"description_kind":"plain","optional":true},"users":{"type":["set","string"],"description_kind":"plain","optional":true}},"description_kind":"plain"}},"hsdp_iam_mfa_policy":{"version":0,"block":{"attributes":{"active":{"type":"bool","description_kind":"plain","required":true},"description":{"type":"string","description_kind":"plain","optional":true},"id":{"type":"string","description_kind":"plain","optional":true,"computed":true},"name":{"type":"string","description_kind":"plain","optional":true},"organization":{"type":"string","description_kind":"plain","optional":true},"type":{"type":"string","description_kind":"plain","required":true},"user":{"type":"string","description_kind":"plain","optional":true},"version":{"type":"string","description_kind":"plain","computed":true}},"description_kind":"plain"}},"hsdp_iam_org":{"version":0,"block":{"attributes":{"description":{"type":"string","description_kind":"plain","required":true},"distinct_name":{"type":"string","description_kind":"plain","computed":true},"external_id":{"type":"string","description_kind":"plain","optional":true},"id":{"type":"string","description_kind":"plain","optional":true,"computed":true},"is_root_org":{"type":"bool","description_kind":"plain","optional":true},"name":{"type":"string","description_kind":"plain","required":true},"parent_org_id":{"type":"string","description_kind":"plain","optional":true},"type":{"type":"string","description_kind":"plain","optional":true}},"description_kind":"plain"}},"hsdp_iam_password_policy":{"version":0,"block":{"attributes":{"_policy":{"type":"string","description_kind":"plain","computed":true},"challenges_enabled":{"type":"bool","description_kind":"plain","optional":true},"expiry_period_in_days":{"type":"number","description_kind":"plain","optional":true},"history_count":{"type":"number","description_kind":"plain","optional":true},"id":{"type":"string","description_kind":"plain","optional":true,"computed":true},"managing_organization":{"type":"string","description_kind":"plain","required":true}},"block_types":{"challenge_policy":{"nesting_mode":"set","block":{"attributes":{"default_questions":{"type":["set","string"],"description_kind":"plain","optional":true},"max_incorrect_attempts":{"type":"number","description_kind":"plain","optional":true},"min_answer_count":{"type":"number","description_kind":"plain","optional":true},"min_question_count":{"type":"number","description_kind":"plain","optional":true}},"description_kind":"plain"},"max_items":1},"complexity":{"nesting_mode":"set","block":{"attributes":{"max_length":{"type":"number","description_kind":"plain","optional":true},"min_length":{"type":"number","description_kind":"plain","optional":true},"min_lowercase":{"type":"number","description_kind":"plain","optional":true},"min_numerics":{"type":"number","description_kind":"plain","optional":true},"min_special_chars":{"type":"number","description_kind":"plain","optional":true},"min_uppercase":{"type":"number","description_kind":"plain","optional":true}},"description_kind":"plain"},"min_items":1,"max_items":1}},"description_kind":"plain"}},"hsdp_iam_proposition":{"version":0,"block":{"attributes":{"description":{"type":"string","description_kind":"plain","required":true},"global_reference_id":{"type":"string","description_kind":"plain","required":true},"id":{"type":"string","description_kind":"plain","optional":true,"computed":true},"name":{"type":"string","description_kind":"plain","required":true},"organization_id":{"type":"string","description_kind":"plain","required":true}},"description_kind":"plain"}},"hsdp_iam_role":{"version":0,"block":{"attributes":{"_id":{"type":"string","description_kind":"plain","computed":true},"description":{"type":"string","description_kind":"plain","required":true},"id":{"type":"string","description_kind":"plain","optional":true,"computed":true},"managing_organization":{"type":"string","description_kind":"plain","required":true},"name":{"type":"string","description_kind":"plain","required":true},"permissions":{"type":["set","string"],"description_kind":"plain","required":true},"ticket_protection":{"type":"bool","description_kind":"plain","optional":true}},"description_kind":"plain"}},"hsdp_iam_service":{"version":0,"block":{"attributes":{"application_id":{"type":"string","description_kind":"plain","required":true},"default_scopes":{"type":["set","string"],"description_kind":"plain","required":true},"description":{"type":"string","description_kind":"plain","required":true},"expires_on":{"type":"string","description_kind":"plain","computed":true},"id":{"type":"string","description_kind":"plain","optional":true,"computed":true},"name":{"type":"string","description_kind":"plain","required":true},"organization_id":{"type":"string","description_kind":"plain","computed":true},"private_key":{"type":"string","description_kind":"plain","computed":true,"sensitive":true},"scopes":{"type":["set","string"],"description_kind":"plain","required":true},"service_id":{"type":"string","description_kind":"plain","computed":true},"validity":{"type":"number","description_kind":"plain","optional":true}},"description_kind":"plain"}},"hsdp_iam_user":{"version":0,"block":{"attributes":{"email":{"type":"string","description_kind":"plain","required":true},"first_name":{"type":"string","description_kind":"plain","required":true},"id":{"type":"string","description_kind":"plain","optional":true,"computed":true},"last_name":{"type":"string","description_kind":"plain","required":true},"login":{"type":"string","description_kind":"plain","required":true},"mobile":{"type":"string","description_kind":"plain","optional":true},"organization_id":{"type":"string","description_kind":"plain","required":true},"username":{"type":"string","description_kind":"plain","deprecated":true,"optional":true}},"description_kind":"plain"}},"hsdp_metrics_autoscaler":{"version":0,"block":{"attributes":{"app_name":{"type":"string","description_kind":"plain","required":true},"enabled":{"type":"bool","description_kind":"plain","optional":true},"id":{"type":"string","description_kind":"plain","optional":true,"computed":true},"max_instances":{"type":"number","description_kind":"plain","optional":true},"metrics_instance_id":{"type":"string","description_kind":"plain","required":true},"min_instances":{"type":"number","description_kind":"plain","optional":true}},"block_types":{"threshold_cpu":{"nesting_mode":"set","block":{"attributes":{"enabled":{"type":"bool","description_kind":"plain","optional":true},"max":{"type":"number","description_kind":"plain","optional":true},"min":{"type":"number","description_kind":"plain","optional":true}},"description_kind":"plain"},"min_items":1,"max_items":1},"threshold_http_latency":{"nesting_mode":"set","block":{"attributes":{"enabled":{"type":"bool","description_kind":"plain","required":true},"max":{"type":"number","description_kind":"plain","optional":true},"min":{"type":"number","description_kind":"plain","optional":true}},"description_kind":"plain"},"min_items":1,"max_items":1},"threshold_http_rate":{"nesting_mode":"set","block":{"attributes":{"enabled":{"type":"bool","description_kind":"plain","required":true},"max":{"type":"number","description_kind":"plain","optional":true},"min":{"type":"number","description_kind":"plain","optional":true}},"description_kind":"plain"},"min_items":1,"max_items":1},"threshold_memory":{"nesting_mode":"set","block":{"attributes":{"enabled":{"type":"bool","description_kind":"plain","required":true},"max":{"type":"number","description_kind":"plain","optional":true},"min":{"type":"number","description_kind":"plain","optional":true}},"description_kind":"plain"},"min_items":1,"max_items":1},"timeouts":{"nesting_mode":"single","block":{"attributes":{"create":{"type":"string","description_kind":"plain","optional":true},"delete":{"type":"string","description_kind":"plain","optional":true},"update":{"type":"string","description_kind":"plain","optional":true}},"description_kind":"plain"}}},"description_kind":"plain"}}},"data_source_schemas":{"hsdp_cdr_fhir_store":{"version":0,"block":{"attributes":{"base_url":{"type":"string","description_kind":"plain","required":true},"endpoint":{"type":"string","description_kind":"plain","computed":true},"fhir_org_id":{"type":"string","description_kind":"plain","required":true},"id":{"type":"string","description_kind":"plain","optional":true,"computed":true},"type":{"type":"string","description_kind":"plain","computed":true}},"description_kind":"plain"}},"hsdp_config":{"version":0,"block":{"attributes":{"domain":{"type":"string","description_kind":"plain","computed":true},"environment":{"type":"string","description_kind":"plain","optional":true},"host":{"type":"string","description_kind":"plain","computed":true},"id":{"type":"string","description_kind":"plain","optional":true,"computed":true},"region":{"type":"string","description_kind":"plain","optional":true},"service":{"type":"string","description_kind":"plain","required":true},"url":{"type":"string","description_kind":"plain","computed":true}},"description_kind":"plain"}},"hsdp_container_host_subnet_types":{"version":0,"block":{"attributes":{"id":{"type":"string","description_kind":"plain","optional":true,"computed":true},"ids":{"type":["map","string"],"description_kind":"plain","computed":true},"names":{"type":["set","string"],"description_kind":"plain","computed":true},"networks":{"type":["map","string"],"description_kind":"plain","computed":true}},"description_kind":"plain"}},"hsdp_credentials_access":{"version":0,"block":{"attributes":{"access":{"type":"string","description_kind":"plain","computed":true},"id":{"type":"string","description_kind":"plain","optional":true,"computed":true},"password":{"type":"string","description_kind":"plain","optional":true,"sensitive":true},"product_key":{"type":"string","description_kind":"plain","required":true,"sensitive":true},"username":{"type":"string","description_kind":"plain","optional":true}},"description_kind":"plain"}},"hsdp_credentials_policy":{"version":0,"block":{"attributes":{"id":{"type":"string","description_kind":"plain","optional":true,"computed":true},"password":{"type":"string","description_kind":"plain","optional":true,"sensitive":true},"policies":{"type":"string","description_kind":"plain","computed":true},"product_key":{"type":"string","description_kind":"plain","required":true,"sensitive":true},"username":{"type":"string","description_kind":"plain","optional":true}},"block_types":{"filter":{"nesting_mode":"set","block":{"attributes":{"group_name":{"type":"string","description_kind":"plain","optional":true},"id":{"type":"string","description_kind":"plain","optional":true},"managing_org":{"type":"string","description_kind":"plain","optional":true}},"description_kind":"plain"},"max_items":1}},"description_kind":"plain"}},"hsdp_iam_application":{"version":0,"block":{"attributes":{"description":{"type":"string","description_kind":"plain","computed":true},"global_reference_id":{"type":"string","description_kind":"plain","computed":true},"id":{"type":"string","description_kind":"plain","optional":true,"computed":true},"name":{"type":"string","description_kind":"plain","required":true},"proposition_id":{"type":"string","description_kind":"plain","required":true}},"description_kind":"plain"}},"hsdp_iam_introspect":{"version":0,"block":{"attributes":{"id":{"type":"string","description_kind":"plain","optional":true,"computed":true},"introspect":{"type":"string","description_kind":"plain","computed":true},"managing_organization":{"type":"string","description_kind":"plain","computed":true},"token":{"type":"string","description_kind":"plain","optional":true},"username":{"type":"string","description_kind":"plain","computed":true}},"description_kind":"plain"}},"hsdp_iam_org":{"version":0,"block":{"attributes":{"active":{"type":"bool","description_kind":"plain","computed":true},"description":{"type":"string","description_kind":"plain","computed":true},"display_name":{"type":"string","description_kind":"plain","computed":true},"external_id":{"type":"string","description_kind":"plain","computed":true},"id":{"type":"string","description_kind":"plain","optional":true,"computed":true},"name":{"type":"string","description_kind":"plain","computed":true},"organization_id":{"type":"string","description_kind":"plain","required":true},"parent_org_id":{"type":"string","description_kind":"plain","computed":true},"type":{"type":"string","description_kind":"plain","computed":true}},"description_kind":"plain"}},"hsdp_iam_permissions":{"version":0,"block":{"attributes":{"id":{"type":"string","description_kind":"plain","optional":true,"computed":true},"permissions":{"type":["set","string"],"description_kind":"plain","computed":true}},"description_kind":"plain"}},"hsdp_iam_proposition":{"version":0,"block":{"attributes":{"description":{"type":"string","description_kind":"plain","computed":true},"global_reference_id":{"type":"string","description_kind":"plain","computed":true},"id":{"type":"string","description_kind":"plain","optional":true,"computed":true},"name":{"type":"string","description_kind":"plain","required":true},"organization_id":{"type":"string","description_kind":"plain","required":true}},"description_kind":"plain"}},"hsdp_iam_service":{"version":0,"block":{"attributes":{"application_id":{"type":"string","description_kind":"plain","computed":true},"default_scopes":{"type":["set","string"],"description_kind":"plain","computed":true},"description":{"type":"string","description_kind":"plain","computed":true},"expires_on":{"type":"string","description_kind":"plain","computed":true},"id":{"type":"string","description_kind":"plain","optional":true,"computed":true},"name":{"type":"string","description_kind":"plain","computed":true},"organization_id":{"type":"string","description_kind":"plain","computed":true},"scopes":{"type":["set","string"],"description_kind":"plain","computed":true},"service_id":{"type":"string","description_kind":"plain","required":true},"uuid":{"type":"string","description_kind":"plain","computed":true}},"description_kind":"plain"}},"hsdp_iam_user":{"version":0,"block":{"attributes":{"id":{"type":"string","description_kind":"plain","optional":true,"computed":true},"username":{"type":"string","description_kind":"plain","required":true},"uuid":{"type":"string","description_kind":"plain","computed":true}},"description_kind":"plain"}}}}}}
