{"format_version":"0.2","provider_schemas":{"registry.terraform.io/pilat/rustack":{"provider":{"version":0,"block":{"attributes":{"api_endpoint":{"type":"string","description":"The URL to use for the Rustack API.","description_kind":"plain","optional":true},"token":{"type":"string","description":"The token key for API operations.","description_kind":"plain","optional":true}},"description_kind":"plain"}},"resource_schemas":{"rustack_disk":{"version":0,"block":{"attributes":{"id":{"type":"string","description":"id of the Disk","description_kind":"plain","computed":true},"name":{"type":"string","description":"name of the Disk","description_kind":"plain","required":true},"size":{"type":"number","description":"the size of the Disk in gigabytes","description_kind":"plain","required":true},"storage_profile_id":{"type":"string","description":"Id of the storage profile","description_kind":"plain","required":true},"vdc_id":{"type":"string","description":"id of the VDC","description_kind":"plain","required":true}},"block_types":{"timeouts":{"nesting_mode":"single","block":{"attributes":{"create":{"type":"string","description_kind":"plain","optional":true},"delete":{"type":"string","description_kind":"plain","optional":true}},"description_kind":"plain"}}},"description_kind":"plain"}},"rustack_network":{"version":0,"block":{"attributes":{"id":{"type":"string","description_kind":"plain","optional":true,"computed":true},"name":{"type":"string","description":"name of the Network","description_kind":"plain","required":true},"vdc_id":{"type":"string","description":"id of the VDC","description_kind":"plain","required":true}},"block_types":{"subnets":{"nesting_mode":"list","block":{"attributes":{"cidr":{"type":"string","description":"cidr of the Subnet","description_kind":"plain","required":true},"dhcp":{"type":"bool","description":"enable dhcp service of the Subnet","description_kind":"plain","required":true},"dns":{"type":["list","string"],"description":"dns servers list","description_kind":"plain","required":true},"end_ip":{"type":"string","description":"pool end ip of the Subnet","description_kind":"plain","required":true},"gateway":{"type":"string","description":"gateway of the Subnet","description_kind":"plain","required":true},"id":{"type":"string","description":"id of the Subnet","description_kind":"plain","computed":true},"start_ip":{"type":"string","description":"pool start ip of the Subnet","description_kind":"plain","required":true}},"description_kind":"plain"},"min_items":1,"max_items":1}},"description_kind":"plain"}},"rustack_project":{"version":0,"block":{"attributes":{"id":{"type":"string","description_kind":"plain","optional":true,"computed":true},"name":{"type":"string","description":"name of the Project","description_kind":"plain","required":true}},"description_kind":"plain"}},"rustack_vdc":{"version":0,"block":{"attributes":{"hypervisor_id":{"type":"string","description":"id of the Hypervisor","description_kind":"plain","required":true},"id":{"type":"string","description_kind":"plain","optional":true,"computed":true},"name":{"type":"string","description":"name of the VDC","description_kind":"plain","required":true},"project_id":{"type":"string","description":"id of the Project","description_kind":"plain","required":true}},"block_types":{"timeouts":{"nesting_mode":"single","block":{"attributes":{"create":{"type":"string","description_kind":"plain","optional":true},"delete":{"type":"string","description_kind":"plain","optional":true}},"description_kind":"plain"}}},"description_kind":"plain"}},"rustack_vm":{"version":0,"block":{"attributes":{"cpu":{"type":"number","description":"the number of virtual cpus","description_kind":"plain","required":true},"floating":{"type":"bool","description":"enable floating ip for the Vm","description_kind":"plain","optional":true},"floating_ip":{"type":"string","description":"floating ip for the Vm. May be omitted","description_kind":"plain","computed":true},"id":{"type":"string","description_kind":"plain","optional":true,"computed":true},"name":{"type":"string","description":"name of the Vm","description_kind":"plain","required":true},"ram":{"type":"number","description":"memory of the Vm in gigabytes","description_kind":"plain","required":true},"template_id":{"type":"string","description":"id of the Template","description_kind":"plain","required":true},"user_data":{"type":"string","description":"script for cloud-init","description_kind":"plain","required":true},"vdc_id":{"type":"string","description":"id of the VDC","description_kind":"plain","required":true}},"block_types":{"disk":{"nesting_mode":"list","block":{"attributes":{"id":{"type":"string","description":"id of the Disk","description_kind":"plain","computed":true},"name":{"type":"string","description":"name of the Disk","description_kind":"plain","required":true},"size":{"type":"number","description":"the size of the Disk in gigabytes","description_kind":"plain","required":true},"storage_profile_id":{"type":"string","description":"the id of the StorageProfile","description_kind":"plain","required":true}},"description":"list of Disks attached to the Vm","description_kind":"plain"},"min_items":1,"max_items":20},"port":{"nesting_mode":"list","block":{"attributes":{"firewall_templates":{"type":["list","string"],"description":"list of firewall rule ids of the Port","description_kind":"plain","required":true},"id":{"type":"string","description":"id of the Port","description_kind":"plain","computed":true},"ip_address":{"type":"string","description":"ip_address of the Port","description_kind":"plain","computed":true},"network_id":{"type":"string","description":"id of the Network","description_kind":"plain","required":true}},"description":"list of Ports attached to the Vm","description_kind":"plain"},"min_items":1,"max_items":10},"timeouts":{"nesting_mode":"single","block":{"attributes":{"create":{"type":"string","description_kind":"plain","optional":true},"delete":{"type":"string","description_kind":"plain","optional":true}},"description_kind":"plain"}}},"description_kind":"plain"}}},"data_source_schemas":{"rustack_account":{"version":0,"block":{"attributes":{"email":{"type":"string","description":"The email address of current user","description_kind":"plain","computed":true},"id":{"type":"string","description":"The identifier for the current user","description_kind":"plain","computed":true},"username":{"type":"string","description":"The username of current user","description_kind":"plain","computed":true}},"description_kind":"plain"}},"rustack_disk":{"version":0,"block":{"attributes":{"id":{"type":"string","description":"id of the Disk","description_kind":"plain","computed":true},"name":{"type":"string","description":"name of the disk","description_kind":"plain","required":true},"size":{"type":"number","description":"the size of the Disk in gigabytes","description_kind":"plain","computed":true},"storage_profile_id":{"type":"string","description":"the id of the StorageProfile","description_kind":"plain","computed":true},"storage_profile_name":{"type":"string","description":"the name of the StorageProfile","description_kind":"plain","computed":true},"vdc_id":{"type":"string","description":"id of the VDC","description_kind":"plain","required":true}},"description_kind":"plain"}},"rustack_disks":{"version":0,"block":{"attributes":{"disks":{"type":["list",["object",{"id":"string","name":"string","size":"number","storage_profile_id":"string","storage_profile_name":"string"}]],"description_kind":"plain","computed":true},"id":{"type":"string","description_kind":"plain","optional":true,"computed":true},"vdc_id":{"type":"string","description":"id of the VDC","description_kind":"plain","required":true}},"description_kind":"plain"}},"rustack_firewall_template":{"version":0,"block":{"attributes":{"id":{"type":"string","description":"id of the Firewall Template","description_kind":"plain","computed":true},"name":{"type":"string","description":"name of the Firewall Template","description_kind":"plain","required":true},"vdc_id":{"type":"string","description":"id of the VDC","description_kind":"plain","required":true}},"description_kind":"plain"}},"rustack_firewall_templates":{"version":0,"block":{"attributes":{"firewall_templates":{"type":["list",["object",{"id":"string","name":"string"}]],"description_kind":"plain","computed":true},"id":{"type":"string","description_kind":"plain","optional":true,"computed":true},"vdc_id":{"type":"string","description":"id of the VDC","description_kind":"plain","required":true}},"description_kind":"plain"}},"rustack_hypervisor":{"version":0,"block":{"attributes":{"id":{"type":"string","description":"id of the Hypervisor","description_kind":"plain","computed":true},"name":{"type":"string","description":"name of the Hypervisor","description_kind":"plain","required":true},"project_id":{"type":"string","description":"id of the Project","description_kind":"plain","required":true},"type":{"type":"string","description":"type of the Hypervisor","description_kind":"plain","computed":true}},"description_kind":"plain"}},"rustack_hypervisors":{"version":0,"block":{"attributes":{"hypervisors":{"type":["list",["object",{"id":"string","name":"string","type":"string"}]],"description_kind":"plain","computed":true},"id":{"type":"string","description_kind":"plain","optional":true,"computed":true},"project_id":{"type":"string","description":"id of the Project","description_kind":"plain","required":true}},"description_kind":"plain"}},"rustack_network":{"version":0,"block":{"attributes":{"id":{"type":"string","description":"id of the Network","description_kind":"plain","computed":true},"name":{"type":"string","description":"name of the Network","description_kind":"plain","required":true},"subnets":{"type":["list",["object",{"cidr":"string","dhcp":"bool","dns":["list","string"],"end_ip":"string","gateway":"string","id":"string","start_ip":"string"}]],"description":"list of subnets","description_kind":"plain","computed":true},"vdc_id":{"type":"string","description":"id of the VDC","description_kind":"plain","required":true}},"description_kind":"plain"}},"rustack_networks":{"version":0,"block":{"attributes":{"id":{"type":"string","description_kind":"plain","optional":true,"computed":true},"networks":{"type":["list",["object",{"id":"string","name":"string","subnets":["list",["object",{"cidr":"string","dhcp":"bool","dns":["list","string"],"end_ip":"string","gateway":"string","id":"string","start_ip":"string"}]]}]],"description_kind":"plain","computed":true},"vdc_id":{"type":"string","description":"id of the VDC","description_kind":"plain","required":true}},"description_kind":"plain"}},"rustack_project":{"version":0,"block":{"attributes":{"id":{"type":"string","description":"id of the Project","description_kind":"plain","computed":true},"name":{"type":"string","description":"name of the Project","description_kind":"plain","required":true}},"description_kind":"plain"}},"rustack_projects":{"version":0,"block":{"attributes":{"id":{"type":"string","description_kind":"plain","optional":true,"computed":true},"projects":{"type":["list",["object",{"id":"string","name":"string"}]],"description_kind":"plain","computed":true}},"description_kind":"plain"}},"rustack_storage_profile":{"version":0,"block":{"attributes":{"id":{"type":"string","description":"The identifier for the storage profile","description_kind":"plain","computed":true},"name":{"type":"string","description":"Name of the storage profile","description_kind":"plain","required":true},"vdc_id":{"type":"string","description":"id of the VDC","description_kind":"plain","required":true}},"description_kind":"plain"}},"rustack_storage_profiles":{"version":0,"block":{"attributes":{"id":{"type":"string","description_kind":"plain","optional":true,"computed":true},"storage_profiles":{"type":["list",["object",{"id":"string","name":"string"}]],"description_kind":"plain","computed":true},"vdc_id":{"type":"string","description":"id of the VDC","description_kind":"plain","required":true}},"description_kind":"plain"}},"rustack_template":{"version":0,"block":{"attributes":{"id":{"type":"string","description":"id of the Template","description_kind":"plain","computed":true},"min_cpu":{"type":"number","description":"minimum cpu required by the Template","description_kind":"plain","computed":true},"min_disk":{"type":"number","description":"minimum disk size in GB required by the Template","description_kind":"plain","computed":true},"min_ram":{"type":"number","description":"minimum ram in GB required by the Template","description_kind":"plain","computed":true},"name":{"type":"string","description":"name of the Template","description_kind":"plain","required":true},"vdc_id":{"type":"string","description":"id of the VDC","description_kind":"plain","required":true}},"description_kind":"plain"}},"rustack_templates":{"version":0,"block":{"attributes":{"id":{"type":"string","description_kind":"plain","optional":true,"computed":true},"templates":{"type":["list",["object",{"id":"string","min_cpu":"number","min_disk":"number","min_ram":"number","name":"string"}]],"description_kind":"plain","computed":true},"vdc_id":{"type":"string","description":"id of the VDC","description_kind":"plain","required":true}},"description_kind":"plain"}},"rustack_vdc":{"version":0,"block":{"attributes":{"hypervisor":{"type":"string","description":"name of the Hypervisor","description_kind":"plain","computed":true},"hypervisor_type":{"type":"string","description":"type of the Hypervisor","description_kind":"plain","computed":true},"id":{"type":"string","description":"id of the VDC","description_kind":"plain","computed":true},"name":{"type":"string","description":"name of the vdc","description_kind":"plain","required":true},"project_id":{"type":"string","description":"id of the Project","description_kind":"plain","optional":true}},"description_kind":"plain"}},"rustack_vdcs":{"version":0,"block":{"attributes":{"id":{"type":"string","description_kind":"plain","optional":true,"computed":true},"project_id":{"type":"string","description":"id of the Project","description_kind":"plain","required":true},"vdcs":{"type":["list",["object",{"hypervisor":"string","hypervisor_type":"string","id":"string","name":"string"}]],"description_kind":"plain","computed":true}},"description_kind":"plain"}},"rustack_vm":{"version":0,"block":{"attributes":{"cpu":{"type":"number","description":"the number of virtual cpus","description_kind":"plain","computed":true},"floating":{"type":"bool","description":"enable floating ip for the Vm","description_kind":"plain","computed":true},"floating_ip":{"type":"string","description":"floating_ip of the Vm. May be omitted","description_kind":"plain","computed":true},"id":{"type":"string","description":"id of the Vm","description_kind":"plain","computed":true},"name":{"type":"string","description":"name of the Vm","description_kind":"plain","required":true},"ram":{"type":"number","description":"memory of the Vm in gigabytes","description_kind":"plain","computed":true},"template_id":{"type":"string","description":"id of the Template","description_kind":"plain","computed":true},"template_name":{"type":"string","description":"name of the Template","description_kind":"plain","computed":true},"vdc_id":{"type":"string","description":"id of the VDC","description_kind":"plain","required":true}},"description_kind":"plain"}},"rustack_vms":{"version":0,"block":{"attributes":{"id":{"type":"string","description_kind":"plain","optional":true,"computed":true},"vdc_id":{"type":"string","description":"id of the VDC","description_kind":"plain","required":true},"vms":{"type":["list",["object",{"cpu":"number","floating":"bool","floating_ip":"string","id":"string","name":"string","ram":"number","template_id":"string","template_name":"string"}]],"description_kind":"plain","computed":true}},"description_kind":"plain"}}}}}}
