{"format_version":"0.2","provider_schemas":{"registry.terraform.io/platform9/pf9":{"provider":{"version":0,"block":{"attributes":{"du_fqdn":{"type":"string","description":"FQDN of the Platform9 Control Plane.","description_kind":"plain","optional":true},"du_password":{"type":"string","description":"Platform9 Control Plane password.","description_kind":"plain","optional":true,"sensitive":true},"du_tenant":{"type":"string","description_kind":"plain","optional":true},"du_username":{"type":"string","description":"Platform9 Control Plane username.","description_kind":"plain","optional":true}},"description_kind":"plain"}},"resource_schemas":{"pf9_aws_cloud_provider":{"version":0,"block":{"attributes":{"id":{"type":"string","description_kind":"plain","optional":true,"computed":true},"key":{"type":"string","description_kind":"plain","required":true},"name":{"type":"string","description_kind":"plain","required":true},"project_uuid":{"type":"string","description_kind":"plain","required":true},"secret":{"type":"string","description_kind":"plain","required":true},"type":{"type":"string","description_kind":"plain","optional":true}},"block_types":{"timeouts":{"nesting_mode":"single","block":{"attributes":{"create":{"type":"string","description_kind":"plain","optional":true},"delete":{"type":"string","description_kind":"plain","optional":true},"update":{"type":"string","description_kind":"plain","optional":true}},"description_kind":"plain"}}},"description_kind":"plain"}},"pf9_azure_cloud_provider":{"version":0,"block":{"attributes":{"client_id":{"type":"string","description_kind":"plain","required":true},"client_secret":{"type":"string","description_kind":"plain","required":true},"id":{"type":"string","description_kind":"plain","optional":true,"computed":true},"name":{"type":"string","description_kind":"plain","required":true},"project_uuid":{"type":"string","description_kind":"plain","required":true},"subscription_id":{"type":"string","description_kind":"plain","required":true},"tenant_id":{"type":"string","description_kind":"plain","required":true},"type":{"type":"string","description_kind":"plain","required":true}},"block_types":{"timeouts":{"nesting_mode":"single","block":{"attributes":{"create":{"type":"string","description_kind":"plain","optional":true},"delete":{"type":"string","description_kind":"plain","optional":true},"update":{"type":"string","description_kind":"plain","optional":true}},"description_kind":"plain"}}},"description_kind":"plain"}},"pf9_cluster":{"version":0,"block":{"attributes":{"allow_workloads_on_master":{"type":"number","description_kind":"plain","optional":true},"ami":{"type":"string","description_kind":"plain","optional":true},"api_server_flags":{"type":["list","string"],"description_kind":"plain","optional":true},"app_catalog_enabled":{"type":"number","description_kind":"plain","optional":true},"azs":{"type":["list","string"],"description_kind":"plain","optional":true},"calico_ip_ip_mode":{"type":"string","description_kind":"plain","optional":true},"calico_nat_outgoing":{"type":"bool","description_kind":"plain","optional":true},"cloud_provider_uuid":{"type":"string","description_kind":"plain","required":true},"containers_cidr":{"type":"string","description_kind":"plain","optional":true},"controller_manager_flags":{"type":["list","string"],"description_kind":"plain","optional":true},"domain_id":{"type":"string","description_kind":"plain","optional":true},"enable_cas":{"type":"bool","description_kind":"plain","optional":true},"enable_metal_lb":{"type":"bool","description_kind":"plain","optional":true},"external_dns_name":{"type":"string","description_kind":"plain","optional":true},"http_proxy":{"type":"string","description_kind":"plain","optional":true},"id":{"type":"string","description_kind":"plain","optional":true,"computed":true},"internal_elb":{"type":"bool","description_kind":"plain","optional":true},"is_private":{"type":"bool","description_kind":"plain","optional":true},"k8s_api_port":{"type":"string","description_kind":"plain","optional":true},"location":{"type":"string","description_kind":"plain","optional":true},"master_flavor":{"type":"string","description_kind":"plain","optional":true},"master_sku":{"type":"string","description_kind":"plain","optional":true},"master_vip_iface":{"type":"string","description_kind":"plain","optional":true},"master_vip_ipv4":{"type":"string","description_kind":"plain","optional":true},"metallb_cidr":{"type":"string","description_kind":"plain","optional":true},"name":{"type":"string","description_kind":"plain","optional":true},"network_plugin":{"type":"string","description_kind":"plain","optional":true},"node_pool_uuid":{"type":"string","description_kind":"plain","computed":true},"num_masters":{"type":"number","description_kind":"plain","optional":true},"num_max_spot_workers":{"type":"number","description_kind":"plain","optional":true},"num_spot_workers":{"type":"number","description_kind":"plain","optional":true},"num_workers":{"type":"number","description_kind":"plain","optional":true},"private_subnets":{"type":["list","string"],"description_kind":"plain","optional":true},"privileged":{"type":"number","description_kind":"plain","optional":true},"project_uuid":{"type":"string","description_kind":"plain","required":true},"region":{"type":"string","description_kind":"plain","optional":true},"runtime_config":{"type":"string","description_kind":"plain","optional":true},"scheduler_flags":{"type":["list","string"],"description_kind":"plain","optional":true},"service_fqdn":{"type":"string","description_kind":"plain","optional":true},"services_cidr":{"type":"string","description_kind":"plain","optional":true},"spot_price":{"type":"number","description_kind":"plain","optional":true},"spot_worker_flavor":{"type":"string","description_kind":"plain","optional":true},"ssh_key":{"type":"string","description_kind":"plain","optional":true},"subnets":{"type":["list","string"],"description_kind":"plain","optional":true},"tags":{"type":["map","string"],"description_kind":"plain","optional":true},"vpc":{"type":"string","description_kind":"plain","optional":true},"worker_flavor":{"type":"string","description_kind":"plain","optional":true},"worker_sku":{"type":"string","description_kind":"plain","optional":true},"zones":{"type":["list","string"],"description_kind":"plain","optional":true}},"block_types":{"timeouts":{"nesting_mode":"single","block":{"attributes":{"create":{"type":"string","description_kind":"plain","optional":true},"delete":{"type":"string","description_kind":"plain","optional":true},"update":{"type":"string","description_kind":"plain","optional":true}},"description_kind":"plain"}}},"description_kind":"plain"}}}}}}
