{"format_version":"0.2","provider_schemas":{"registry.terraform.io/ploumpouloum/virtinfra":{"provider":{"version":0,"block":{"attributes":{"local_file_location":{"type":"string","description_kind":"plain","optional":true}},"description_kind":"plain"}},"resource_schemas":{"virtinfra_subnet":{"version":0,"block":{"attributes":{"cidr":{"type":"string","description_kind":"plain","required":true},"id":{"type":"string","description_kind":"plain","optional":true,"computed":true},"vpc_id":{"type":"string","description_kind":"plain","required":true}},"description_kind":"plain"}},"virtinfra_vpc":{"version":0,"block":{"attributes":{"cidr":{"type":"string","description_kind":"plain","required":true},"id":{"type":"string","description_kind":"plain","optional":true,"computed":true}},"description_kind":"plain"}}},"data_source_schemas":{"virtinfra_vpc":{"version":0,"block":{"attributes":{"cidr":{"type":"string","description_kind":"plain","computed":true},"id":{"type":"string","description_kind":"plain","required":true}},"description_kind":"plain"}},"virtinfra_vpcs":{"version":0,"block":{"attributes":{"id":{"type":"string","description_kind":"plain","optional":true,"computed":true},"vpcs":{"type":["list",["object",{"cidr":"string","id":"string"}]],"description_kind":"plain","computed":true}},"description_kind":"plain"}}}}}}
