{"format_version":"0.2","provider_schemas":{"registry.terraform.io/plukevdh/dmsnitch":{"provider":{"version":0,"block":{"attributes":{"api_key":{"type":"string","description":"Dead Man's Snitch API Key","description_kind":"plain","required":true}},"description_kind":"plain"}},"resource_schemas":{"dmsnitch_snitch":{"version":1,"block":{"attributes":{"id":{"type":"string","description_kind":"plain","optional":true,"computed":true},"interval":{"type":"string","description_kind":"plain","optional":true},"name":{"type":"string","description_kind":"plain","required":true},"notes":{"type":"string","description_kind":"plain","optional":true},"status":{"type":"string","description_kind":"plain","computed":true},"tags":{"type":["set","string"],"description_kind":"plain","optional":true},"token":{"type":"string","description_kind":"plain","computed":true},"type":{"type":"string","description_kind":"plain","optional":true},"url":{"type":"string","description_kind":"plain","computed":true}},"description_kind":"plain"}}}}}}
