{"format_version":"0.2","provider_schemas":{"registry.terraform.io/plusserver/plusserver":{"provider":{"version":0,"block":{"attributes":{"client_id":{"type":"string","description":"the client id of the keycloak app","description_kind":"plain","optional":true},"client_secret":{"type":"string","description":"the client secret of the keycloak app","description_kind":"plain","optional":true,"sensitive":true},"env":{"type":"string","description":"api environment","description_kind":"plain","optional":true},"password":{"type":"string","description":"the password to authenticate against keycloak","description_kind":"plain","optional":true,"sensitive":true},"token_url":{"type":"string","description":"the keycloak token url","description_kind":"plain","optional":true},"username":{"type":"string","description":"the username to authenticate against keycloak","description_kind":"plain","optional":true}},"description_kind":"plain"}},"resource_schemas":{"plusserver_domain":{"version":0,"block":{"attributes":{"company_id":{"type":"string","description":"Company ID to set with the domain as metadata","description_kind":"plain","optional":true},"contract_id":{"type":"string","description":"Contract ID to set with the domain as metadata","description_kind":"plain","optional":true},"dns_nameserver_pair_name":{"type":"string","description":"Domain pair identifier. The default value is ns1.plusserver.com","description_kind":"plain","optional":true},"domain_id":{"type":"number","description":"Exported ID of the domain. Same as \"id\"","description_kind":"plain","optional":true,"computed":true},"id":{"type":"string","description_kind":"plain","optional":true,"computed":true},"protected":{"type":"bool","description":"Protects the domain from accidental deletion. However this provider will be unable to delete the domain if set to true. The default Value is false","description_kind":"plain","optional":true},"replication_master_ip_address_list":{"type":["list","string"],"description":"List of replication servers","description_kind":"plain","required":true},"replication_type":{"type":"string","description":"Domain replication type. Can be either Master, Slave, Native or None","description_kind":"plain","required":true},"unicode_name":{"type":"string","description":"Domain name in unicode","description_kind":"plain","required":true}},"description":"Use the plusserver DNS API to create/modify/delete a domain.","description_kind":"plain"}},"plusserver_domain_record":{"version":0,"block":{"attributes":{"content":{"type":"string","description":"Domain record content. For example the IP address of the A record","description_kind":"plain","required":true},"domain_id":{"type":"number","description":"Exported ID of the domain record. Same as \"id\"","description_kind":"plain","required":true},"id":{"type":"string","description_kind":"plain","optional":true,"computed":true},"name":{"type":"string","description":"Domain record name without TLD or second-level domain","description_kind":"plain","required":true},"ttl":{"type":"number","description":"Domain record time to live in seconds. The default value is 300 seconds","description_kind":"plain","optional":true},"type":{"type":"string","description":"Domain record type. Can be either one of \"A\", \"AAAA\", \"CAA\", \"CNAME\", \"MX\", \"NS\", \"PTR\", \"SRV\", \"TXT\" or \"SOA\".The default Value is \"A\".","description_kind":"plain","optional":true}},"description":"Use the plusserver DNS API to create/modify/delete a domain record.","description_kind":"plain"}}},"data_source_schemas":{"plusserver_domain":{"version":0,"block":{"attributes":{"domain_id":{"type":"number","description_kind":"plain","optional":true,"computed":true},"domains":{"type":["list",["object",{"domain_id":"number","name":"string"}]],"description_kind":"plain","computed":true},"id":{"type":"string","description_kind":"plain","optional":true,"computed":true},"name":{"type":"string","description_kind":"plain","required":true}},"description_kind":"plain"}}}}}}
