{"format_version":"0.2","provider_schemas":{"registry.terraform.io/pmi-deep-infra/wafrule":{"provider":{"version":0,"block":{"attributes":{"access_key":{"type":"string","description":"The access key for API operations. You can retrieve this\nfrom the 'Security \u0026 Credentials' section of the AWS console.","description_kind":"plain","optional":true},"insecure":{"type":"bool","description":"Explicitly allow the provider to perform \"insecure\" SSL requests. If omitted,default value is `false`","description_kind":"plain","optional":true},"max_retries":{"type":"number","description":"The maximum number of times an AWS API request is\nbeing executed. If the API request still fails, an error is\nthrown.","description_kind":"plain","optional":true},"profile":{"type":"string","description":"The profile for API operations. If not set, the default profile\ncreated with `aws configure` will be used.","description_kind":"plain","optional":true},"region":{"type":"string","description":"The region where AWS operations will take place. Examples\nare us-east-1, us-west-2, etc.","description_kind":"plain","required":true},"secret_key":{"type":"string","description":"The secret key for API operations. You can retrieve this\nfrom the 'Security \u0026 Credentials' section of the AWS console.","description_kind":"plain","optional":true},"shared_credentials_file":{"type":"string","description":"The path to the shared credentials file. If not set\nthis defaults to ~/.aws/credentials.","description_kind":"plain","optional":true},"skip_credentials_validation":{"type":"bool","description":"Skip the credentials validation via STS API. Used for AWS API implementations that do not have STS available/implemented.","description_kind":"plain","optional":true},"skip_metadata_api_check":{"type":"bool","description_kind":"plain","optional":true},"skip_region_validation":{"type":"bool","description":"Skip static validation of region name. Used by users of alternative AWS-like APIs or users w/ access to regions that are not public (yet).","description_kind":"plain","optional":true},"skip_requesting_account_id":{"type":"bool","description":"Skip requesting the account ID. Used for AWS API implementations that do not have IAM/STS API and/or metadata API.","description_kind":"plain","optional":true},"token":{"type":"string","description":"session token. A session token is only required if you are\nusing temporary security credentials.","description_kind":"plain","optional":true}},"block_types":{"assume_role":{"nesting_mode":"list","block":{"attributes":{"duration_seconds":{"type":"number","description":"Seconds to restrict the assume role session duration.","description_kind":"plain","optional":true},"external_id":{"type":"string","description":"Unique identifier that might be required for assuming a role in another account.","description_kind":"plain","optional":true},"policy":{"type":"string","description":"IAM Policy JSON describing further restricting permissions for the IAM Role being assumed.","description_kind":"plain","optional":true},"policy_arns":{"type":["set","string"],"description":"Amazon Resource Names (ARNs) of IAM Policies describing further restricting permissions for the IAM Role being assumed.","description_kind":"plain","optional":true},"role_arn":{"type":"string","description":"Amazon Resource Name of an IAM Role to assume prior to making API calls.","description_kind":"plain","optional":true},"session_name":{"type":"string","description":"Identifier for the assumed role session.","description_kind":"plain","optional":true},"tags":{"type":["map","string"],"description":"Assume role session tags.","description_kind":"plain","optional":true},"transitive_tag_keys":{"type":["set","string"],"description":"Assume role session tag keys to pass to any subsequent sessions.","description_kind":"plain","optional":true}},"description_kind":"plain"},"max_items":1}},"description_kind":"plain"}},"resource_schemas":{"wafrule_acl_rule":{"version":0,"block":{"attributes":{"id":{"type":"string","description_kind":"plain","optional":true,"computed":true},"lock_token":{"type":"string","description_kind":"plain","computed":true},"waf_acl_default_action":{"type":["list",["object",{"allow":["list",["object",{}]],"block":["list",["object",{}]]}]],"description_kind":"plain","computed":true},"waf_acl_id":{"type":"string","description_kind":"plain","required":true},"waf_acl_name":{"type":"string","description_kind":"plain","required":true},"waf_acl_visibility_config":{"type":["list",["object",{"cloudwatch_metrics_enabled":"bool","metric_name":"string","sampled_requests_enabled":"bool"}]],"description_kind":"plain","computed":true}},"block_types":{"rule":{"nesting_mode":"set","block":{"attributes":{"name":{"type":"string","description_kind":"plain","required":true},"priority":{"type":"number","description_kind":"plain","required":true}},"block_types":{"action":{"nesting_mode":"list","block":{"block_types":{"allow":{"nesting_mode":"list","block":{"description_kind":"plain"},"max_items":1},"block":{"nesting_mode":"list","block":{"description_kind":"plain"},"max_items":1},"count":{"nesting_mode":"list","block":{"description_kind":"plain"},"max_items":1}},"description_kind":"plain"},"max_items":1},"override_action":{"nesting_mode":"list","block":{"block_types":{"count":{"nesting_mode":"list","block":{"description_kind":"plain"},"max_items":1},"none":{"nesting_mode":"list","block":{"description_kind":"plain"},"max_items":1}},"description_kind":"plain"},"max_items":1},"statement":{"nesting_mode":"list","block":{"block_types":{"and_statement":{"nesting_mode":"list","block":{"block_types":{"statement":{"nesting_mode":"list","block":{"block_types":{"and_statement":{"nesting_mode":"list","block":{"block_types":{"statement":{"nesting_mode":"list","block":{"block_types":{"and_statement":{"nesting_mode":"list","block":{"block_types":{"statement":{"nesting_mode":"list","block":{"block_types":{"byte_match_statement":{"nesting_mode":"list","block":{"attributes":{"positional_constraint":{"type":"string","description_kind":"plain","required":true},"search_string":{"type":"string","description_kind":"plain","required":true}},"block_types":{"field_to_match":{"nesting_mode":"list","block":{"block_types":{"all_query_arguments":{"nesting_mode":"list","block":{"description_kind":"plain"},"max_items":1},"body":{"nesting_mode":"list","block":{"description_kind":"plain"},"max_items":1},"method":{"nesting_mode":"list","block":{"description_kind":"plain"},"max_items":1},"query_string":{"nesting_mode":"list","block":{"description_kind":"plain"},"max_items":1},"single_header":{"nesting_mode":"list","block":{"attributes":{"name":{"type":"string","description_kind":"plain","required":true}},"description_kind":"plain"},"max_items":1},"single_query_argument":{"nesting_mode":"list","block":{"attributes":{"name":{"type":"string","description_kind":"plain","required":true}},"description_kind":"plain"},"max_items":1},"uri_path":{"nesting_mode":"list","block":{"description_kind":"plain"},"max_items":1}},"description_kind":"plain"},"max_items":1},"text_transformation":{"nesting_mode":"set","block":{"attributes":{"priority":{"type":"number","description_kind":"plain","required":true},"type":{"type":"string","description_kind":"plain","required":true}},"description_kind":"plain"},"min_items":1}},"description_kind":"plain"},"max_items":1},"geo_match_statement":{"nesting_mode":"list","block":{"attributes":{"country_codes":{"type":["list","string"],"description_kind":"plain","required":true}},"block_types":{"forwarded_ip_config":{"nesting_mode":"list","block":{"attributes":{"fallback_behavior":{"type":"string","description_kind":"plain","required":true},"header_name":{"type":"string","description_kind":"plain","required":true}},"description_kind":"plain"},"max_items":1}},"description_kind":"plain"},"max_items":1},"ip_set_reference_statement":{"nesting_mode":"list","block":{"attributes":{"arn":{"type":"string","description_kind":"plain","required":true}},"block_types":{"ip_set_forwarded_ip_config":{"nesting_mode":"list","block":{"attributes":{"fallback_behavior":{"type":"string","description_kind":"plain","required":true},"header_name":{"type":"string","description_kind":"plain","required":true},"position":{"type":"string","description_kind":"plain","required":true}},"description_kind":"plain"},"max_items":1}},"description_kind":"plain"},"max_items":1},"regex_pattern_set_reference_statement":{"nesting_mode":"list","block":{"attributes":{"arn":{"type":"string","description_kind":"plain","required":true}},"block_types":{"field_to_match":{"nesting_mode":"list","block":{"block_types":{"all_query_arguments":{"nesting_mode":"list","block":{"description_kind":"plain"},"max_items":1},"body":{"nesting_mode":"list","block":{"description_kind":"plain"},"max_items":1},"method":{"nesting_mode":"list","block":{"description_kind":"plain"},"max_items":1},"query_string":{"nesting_mode":"list","block":{"description_kind":"plain"},"max_items":1},"single_header":{"nesting_mode":"list","block":{"attributes":{"name":{"type":"string","description_kind":"plain","required":true}},"description_kind":"plain"},"max_items":1},"single_query_argument":{"nesting_mode":"list","block":{"attributes":{"name":{"type":"string","description_kind":"plain","required":true}},"description_kind":"plain"},"max_items":1},"uri_path":{"nesting_mode":"list","block":{"description_kind":"plain"},"max_items":1}},"description_kind":"plain"},"max_items":1},"text_transformation":{"nesting_mode":"set","block":{"attributes":{"priority":{"type":"number","description_kind":"plain","required":true},"type":{"type":"string","description_kind":"plain","required":true}},"description_kind":"plain"},"min_items":1}},"description_kind":"plain"},"max_items":1},"size_constraint_statement":{"nesting_mode":"list","block":{"attributes":{"comparison_operator":{"type":"string","description_kind":"plain","required":true},"size":{"type":"number","description_kind":"plain","required":true}},"block_types":{"field_to_match":{"nesting_mode":"list","block":{"block_types":{"all_query_arguments":{"nesting_mode":"list","block":{"description_kind":"plain"},"max_items":1},"body":{"nesting_mode":"list","block":{"description_kind":"plain"},"max_items":1},"method":{"nesting_mode":"list","block":{"description_kind":"plain"},"max_items":1},"query_string":{"nesting_mode":"list","block":{"description_kind":"plain"},"max_items":1},"single_header":{"nesting_mode":"list","block":{"attributes":{"name":{"type":"string","description_kind":"plain","required":true}},"description_kind":"plain"},"max_items":1},"single_query_argument":{"nesting_mode":"list","block":{"attributes":{"name":{"type":"string","description_kind":"plain","required":true}},"description_kind":"plain"},"max_items":1},"uri_path":{"nesting_mode":"list","block":{"description_kind":"plain"},"max_items":1}},"description_kind":"plain"},"max_items":1},"text_transformation":{"nesting_mode":"set","block":{"attributes":{"priority":{"type":"number","description_kind":"plain","required":true},"type":{"type":"string","description_kind":"plain","required":true}},"description_kind":"plain"},"min_items":1}},"description_kind":"plain"},"max_items":1},"sqli_match_statement":{"nesting_mode":"list","block":{"block_types":{"field_to_match":{"nesting_mode":"list","block":{"block_types":{"all_query_arguments":{"nesting_mode":"list","block":{"description_kind":"plain"},"max_items":1},"body":{"nesting_mode":"list","block":{"description_kind":"plain"},"max_items":1},"method":{"nesting_mode":"list","block":{"description_kind":"plain"},"max_items":1},"query_string":{"nesting_mode":"list","block":{"description_kind":"plain"},"max_items":1},"single_header":{"nesting_mode":"list","block":{"attributes":{"name":{"type":"string","description_kind":"plain","required":true}},"description_kind":"plain"},"max_items":1},"single_query_argument":{"nesting_mode":"list","block":{"attributes":{"name":{"type":"string","description_kind":"plain","required":true}},"description_kind":"plain"},"max_items":1},"uri_path":{"nesting_mode":"list","block":{"description_kind":"plain"},"max_items":1}},"description_kind":"plain"},"max_items":1},"text_transformation":{"nesting_mode":"set","block":{"attributes":{"priority":{"type":"number","description_kind":"plain","required":true},"type":{"type":"string","description_kind":"plain","required":true}},"description_kind":"plain"},"min_items":1}},"description_kind":"plain"},"max_items":1},"xss_match_statement":{"nesting_mode":"list","block":{"block_types":{"field_to_match":{"nesting_mode":"list","block":{"block_types":{"all_query_arguments":{"nesting_mode":"list","block":{"description_kind":"plain"},"max_items":1},"body":{"nesting_mode":"list","block":{"description_kind":"plain"},"max_items":1},"method":{"nesting_mode":"list","block":{"description_kind":"plain"},"max_items":1},"query_string":{"nesting_mode":"list","block":{"description_kind":"plain"},"max_items":1},"single_header":{"nesting_mode":"list","block":{"attributes":{"name":{"type":"string","description_kind":"plain","required":true}},"description_kind":"plain"},"max_items":1},"single_query_argument":{"nesting_mode":"list","block":{"attributes":{"name":{"type":"string","description_kind":"plain","required":true}},"description_kind":"plain"},"max_items":1},"uri_path":{"nesting_mode":"list","block":{"description_kind":"plain"},"max_items":1}},"description_kind":"plain"},"max_items":1},"text_transformation":{"nesting_mode":"set","block":{"attributes":{"priority":{"type":"number","description_kind":"plain","required":true},"type":{"type":"string","description_kind":"plain","required":true}},"description_kind":"plain"},"min_items":1}},"description_kind":"plain"},"max_items":1}},"description_kind":"plain"},"min_items":1}},"description_kind":"plain"},"max_items":1},"byte_match_statement":{"nesting_mode":"list","block":{"attributes":{"positional_constraint":{"type":"string","description_kind":"plain","required":true},"search_string":{"type":"string","description_kind":"plain","required":true}},"block_types":{"field_to_match":{"nesting_mode":"list","block":{"block_types":{"all_query_arguments":{"nesting_mode":"list","block":{"description_kind":"plain"},"max_items":1},"body":{"nesting_mode":"list","block":{"description_kind":"plain"},"max_items":1},"method":{"nesting_mode":"list","block":{"description_kind":"plain"},"max_items":1},"query_string":{"nesting_mode":"list","block":{"description_kind":"plain"},"max_items":1},"single_header":{"nesting_mode":"list","block":{"attributes":{"name":{"type":"string","description_kind":"plain","required":true}},"description_kind":"plain"},"max_items":1},"single_query_argument":{"nesting_mode":"list","block":{"attributes":{"name":{"type":"string","description_kind":"plain","required":true}},"description_kind":"plain"},"max_items":1},"uri_path":{"nesting_mode":"list","block":{"description_kind":"plain"},"max_items":1}},"description_kind":"plain"},"max_items":1},"text_transformation":{"nesting_mode":"set","block":{"attributes":{"priority":{"type":"number","description_kind":"plain","required":true},"type":{"type":"string","description_kind":"plain","required":true}},"description_kind":"plain"},"min_items":1}},"description_kind":"plain"},"max_items":1},"geo_match_statement":{"nesting_mode":"list","block":{"attributes":{"country_codes":{"type":["list","string"],"description_kind":"plain","required":true}},"block_types":{"forwarded_ip_config":{"nesting_mode":"list","block":{"attributes":{"fallback_behavior":{"type":"string","description_kind":"plain","required":true},"header_name":{"type":"string","description_kind":"plain","required":true}},"description_kind":"plain"},"max_items":1}},"description_kind":"plain"},"max_items":1},"ip_set_reference_statement":{"nesting_mode":"list","block":{"attributes":{"arn":{"type":"string","description_kind":"plain","required":true}},"block_types":{"ip_set_forwarded_ip_config":{"nesting_mode":"list","block":{"attributes":{"fallback_behavior":{"type":"string","description_kind":"plain","required":true},"header_name":{"type":"string","description_kind":"plain","required":true},"position":{"type":"string","description_kind":"plain","required":true}},"description_kind":"plain"},"max_items":1}},"description_kind":"plain"},"max_items":1},"not_statement":{"nesting_mode":"list","block":{"block_types":{"statement":{"nesting_mode":"list","block":{"block_types":{"byte_match_statement":{"nesting_mode":"list","block":{"attributes":{"positional_constraint":{"type":"string","description_kind":"plain","required":true},"search_string":{"type":"string","description_kind":"plain","required":true}},"block_types":{"field_to_match":{"nesting_mode":"list","block":{"block_types":{"all_query_arguments":{"nesting_mode":"list","block":{"description_kind":"plain"},"max_items":1},"body":{"nesting_mode":"list","block":{"description_kind":"plain"},"max_items":1},"method":{"nesting_mode":"list","block":{"description_kind":"plain"},"max_items":1},"query_string":{"nesting_mode":"list","block":{"description_kind":"plain"},"max_items":1},"single_header":{"nesting_mode":"list","block":{"attributes":{"name":{"type":"string","description_kind":"plain","required":true}},"description_kind":"plain"},"max_items":1},"single_query_argument":{"nesting_mode":"list","block":{"attributes":{"name":{"type":"string","description_kind":"plain","required":true}},"description_kind":"plain"},"max_items":1},"uri_path":{"nesting_mode":"list","block":{"description_kind":"plain"},"max_items":1}},"description_kind":"plain"},"max_items":1},"text_transformation":{"nesting_mode":"set","block":{"attributes":{"priority":{"type":"number","description_kind":"plain","required":true},"type":{"type":"string","description_kind":"plain","required":true}},"description_kind":"plain"},"min_items":1}},"description_kind":"plain"},"max_items":1},"geo_match_statement":{"nesting_mode":"list","block":{"attributes":{"country_codes":{"type":["list","string"],"description_kind":"plain","required":true}},"block_types":{"forwarded_ip_config":{"nesting_mode":"list","block":{"attributes":{"fallback_behavior":{"type":"string","description_kind":"plain","required":true},"header_name":{"type":"string","description_kind":"plain","required":true}},"description_kind":"plain"},"max_items":1}},"description_kind":"plain"},"max_items":1},"ip_set_reference_statement":{"nesting_mode":"list","block":{"attributes":{"arn":{"type":"string","description_kind":"plain","required":true}},"block_types":{"ip_set_forwarded_ip_config":{"nesting_mode":"list","block":{"attributes":{"fallback_behavior":{"type":"string","description_kind":"plain","required":true},"header_name":{"type":"string","description_kind":"plain","required":true},"position":{"type":"string","description_kind":"plain","required":true}},"description_kind":"plain"},"max_items":1}},"description_kind":"plain"},"max_items":1},"regex_pattern_set_reference_statement":{"nesting_mode":"list","block":{"attributes":{"arn":{"type":"string","description_kind":"plain","required":true}},"block_types":{"field_to_match":{"nesting_mode":"list","block":{"block_types":{"all_query_arguments":{"nesting_mode":"list","block":{"description_kind":"plain"},"max_items":1},"body":{"nesting_mode":"list","block":{"description_kind":"plain"},"max_items":1},"method":{"nesting_mode":"list","block":{"description_kind":"plain"},"max_items":1},"query_string":{"nesting_mode":"list","block":{"description_kind":"plain"},"max_items":1},"single_header":{"nesting_mode":"list","block":{"attributes":{"name":{"type":"string","description_kind":"plain","required":true}},"description_kind":"plain"},"max_items":1},"single_query_argument":{"nesting_mode":"list","block":{"attributes":{"name":{"type":"string","description_kind":"plain","required":true}},"description_kind":"plain"},"max_items":1},"uri_path":{"nesting_mode":"list","block":{"description_kind":"plain"},"max_items":1}},"description_kind":"plain"},"max_items":1},"text_transformation":{"nesting_mode":"set","block":{"attributes":{"priority":{"type":"number","description_kind":"plain","required":true},"type":{"type":"string","description_kind":"plain","required":true}},"description_kind":"plain"},"min_items":1}},"description_kind":"plain"},"max_items":1},"size_constraint_statement":{"nesting_mode":"list","block":{"attributes":{"comparison_operator":{"type":"string","description_kind":"plain","required":true},"size":{"type":"number","description_kind":"plain","required":true}},"block_types":{"field_to_match":{"nesting_mode":"list","block":{"block_types":{"all_query_arguments":{"nesting_mode":"list","block":{"description_kind":"plain"},"max_items":1},"body":{"nesting_mode":"list","block":{"description_kind":"plain"},"max_items":1},"method":{"nesting_mode":"list","block":{"description_kind":"plain"},"max_items":1},"query_string":{"nesting_mode":"list","block":{"description_kind":"plain"},"max_items":1},"single_header":{"nesting_mode":"list","block":{"attributes":{"name":{"type":"string","description_kind":"plain","required":true}},"description_kind":"plain"},"max_items":1},"single_query_argument":{"nesting_mode":"list","block":{"attributes":{"name":{"type":"string","description_kind":"plain","required":true}},"description_kind":"plain"},"max_items":1},"uri_path":{"nesting_mode":"list","block":{"description_kind":"plain"},"max_items":1}},"description_kind":"plain"},"max_items":1},"text_transformation":{"nesting_mode":"set","block":{"attributes":{"priority":{"type":"number","description_kind":"plain","required":true},"type":{"type":"string","description_kind":"plain","required":true}},"description_kind":"plain"},"min_items":1}},"description_kind":"plain"},"max_items":1},"sqli_match_statement":{"nesting_mode":"list","block":{"block_types":{"field_to_match":{"nesting_mode":"list","block":{"block_types":{"all_query_arguments":{"nesting_mode":"list","block":{"description_kind":"plain"},"max_items":1},"body":{"nesting_mode":"list","block":{"description_kind":"plain"},"max_items":1},"method":{"nesting_mode":"list","block":{"description_kind":"plain"},"max_items":1},"query_string":{"nesting_mode":"list","block":{"description_kind":"plain"},"max_items":1},"single_header":{"nesting_mode":"list","block":{"attributes":{"name":{"type":"string","description_kind":"plain","required":true}},"description_kind":"plain"},"max_items":1},"single_query_argument":{"nesting_mode":"list","block":{"attributes":{"name":{"type":"string","description_kind":"plain","required":true}},"description_kind":"plain"},"max_items":1},"uri_path":{"nesting_mode":"list","block":{"description_kind":"plain"},"max_items":1}},"description_kind":"plain"},"max_items":1},"text_transformation":{"nesting_mode":"set","block":{"attributes":{"priority":{"type":"number","description_kind":"plain","required":true},"type":{"type":"string","description_kind":"plain","required":true}},"description_kind":"plain"},"min_items":1}},"description_kind":"plain"},"max_items":1},"xss_match_statement":{"nesting_mode":"list","block":{"block_types":{"field_to_match":{"nesting_mode":"list","block":{"block_types":{"all_query_arguments":{"nesting_mode":"list","block":{"description_kind":"plain"},"max_items":1},"body":{"nesting_mode":"list","block":{"description_kind":"plain"},"max_items":1},"method":{"nesting_mode":"list","block":{"description_kind":"plain"},"max_items":1},"query_string":{"nesting_mode":"list","block":{"description_kind":"plain"},"max_items":1},"single_header":{"nesting_mode":"list","block":{"attributes":{"name":{"type":"string","description_kind":"plain","required":true}},"description_kind":"plain"},"max_items":1},"single_query_argument":{"nesting_mode":"list","block":{"attributes":{"name":{"type":"string","description_kind":"plain","required":true}},"description_kind":"plain"},"max_items":1},"uri_path":{"nesting_mode":"list","block":{"description_kind":"plain"},"max_items":1}},"description_kind":"plain"},"max_items":1},"text_transformation":{"nesting_mode":"set","block":{"attributes":{"priority":{"type":"number","description_kind":"plain","required":true},"type":{"type":"string","description_kind":"plain","required":true}},"description_kind":"plain"},"min_items":1}},"description_kind":"plain"},"max_items":1}},"description_kind":"plain"},"min_items":1}},"description_kind":"plain"},"max_items":1},"or_statement":{"nesting_mode":"list","block":{"block_types":{"statement":{"nesting_mode":"list","block":{"block_types":{"byte_match_statement":{"nesting_mode":"list","block":{"attributes":{"positional_constraint":{"type":"string","description_kind":"plain","required":true},"search_string":{"type":"string","description_kind":"plain","required":true}},"block_types":{"field_to_match":{"nesting_mode":"list","block":{"block_types":{"all_query_arguments":{"nesting_mode":"list","block":{"description_kind":"plain"},"max_items":1},"body":{"nesting_mode":"list","block":{"description_kind":"plain"},"max_items":1},"method":{"nesting_mode":"list","block":{"description_kind":"plain"},"max_items":1},"query_string":{"nesting_mode":"list","block":{"description_kind":"plain"},"max_items":1},"single_header":{"nesting_mode":"list","block":{"attributes":{"name":{"type":"string","description_kind":"plain","required":true}},"description_kind":"plain"},"max_items":1},"single_query_argument":{"nesting_mode":"list","block":{"attributes":{"name":{"type":"string","description_kind":"plain","required":true}},"description_kind":"plain"},"max_items":1},"uri_path":{"nesting_mode":"list","block":{"description_kind":"plain"},"max_items":1}},"description_kind":"plain"},"max_items":1},"text_transformation":{"nesting_mode":"set","block":{"attributes":{"priority":{"type":"number","description_kind":"plain","required":true},"type":{"type":"string","description_kind":"plain","required":true}},"description_kind":"plain"},"min_items":1}},"description_kind":"plain"},"max_items":1},"geo_match_statement":{"nesting_mode":"list","block":{"attributes":{"country_codes":{"type":["list","string"],"description_kind":"plain","required":true}},"block_types":{"forwarded_ip_config":{"nesting_mode":"list","block":{"attributes":{"fallback_behavior":{"type":"string","description_kind":"plain","required":true},"header_name":{"type":"string","description_kind":"plain","required":true}},"description_kind":"plain"},"max_items":1}},"description_kind":"plain"},"max_items":1},"ip_set_reference_statement":{"nesting_mode":"list","block":{"attributes":{"arn":{"type":"string","description_kind":"plain","required":true}},"block_types":{"ip_set_forwarded_ip_config":{"nesting_mode":"list","block":{"attributes":{"fallback_behavior":{"type":"string","description_kind":"plain","required":true},"header_name":{"type":"string","description_kind":"plain","required":true},"position":{"type":"string","description_kind":"plain","required":true}},"description_kind":"plain"},"max_items":1}},"description_kind":"plain"},"max_items":1},"regex_pattern_set_reference_statement":{"nesting_mode":"list","block":{"attributes":{"arn":{"type":"string","description_kind":"plain","required":true}},"block_types":{"field_to_match":{"nesting_mode":"list","block":{"block_types":{"all_query_arguments":{"nesting_mode":"list","block":{"description_kind":"plain"},"max_items":1},"body":{"nesting_mode":"list","block":{"description_kind":"plain"},"max_items":1},"method":{"nesting_mode":"list","block":{"description_kind":"plain"},"max_items":1},"query_string":{"nesting_mode":"list","block":{"description_kind":"plain"},"max_items":1},"single_header":{"nesting_mode":"list","block":{"attributes":{"name":{"type":"string","description_kind":"plain","required":true}},"description_kind":"plain"},"max_items":1},"single_query_argument":{"nesting_mode":"list","block":{"attributes":{"name":{"type":"string","description_kind":"plain","required":true}},"description_kind":"plain"},"max_items":1},"uri_path":{"nesting_mode":"list","block":{"description_kind":"plain"},"max_items":1}},"description_kind":"plain"},"max_items":1},"text_transformation":{"nesting_mode":"set","block":{"attributes":{"priority":{"type":"number","description_kind":"plain","required":true},"type":{"type":"string","description_kind":"plain","required":true}},"description_kind":"plain"},"min_items":1}},"description_kind":"plain"},"max_items":1},"size_constraint_statement":{"nesting_mode":"list","block":{"attributes":{"comparison_operator":{"type":"string","description_kind":"plain","required":true},"size":{"type":"number","description_kind":"plain","required":true}},"block_types":{"field_to_match":{"nesting_mode":"list","block":{"block_types":{"all_query_arguments":{"nesting_mode":"list","block":{"description_kind":"plain"},"max_items":1},"body":{"nesting_mode":"list","block":{"description_kind":"plain"},"max_items":1},"method":{"nesting_mode":"list","block":{"description_kind":"plain"},"max_items":1},"query_string":{"nesting_mode":"list","block":{"description_kind":"plain"},"max_items":1},"single_header":{"nesting_mode":"list","block":{"attributes":{"name":{"type":"string","description_kind":"plain","required":true}},"description_kind":"plain"},"max_items":1},"single_query_argument":{"nesting_mode":"list","block":{"attributes":{"name":{"type":"string","description_kind":"plain","required":true}},"description_kind":"plain"},"max_items":1},"uri_path":{"nesting_mode":"list","block":{"description_kind":"plain"},"max_items":1}},"description_kind":"plain"},"max_items":1},"text_transformation":{"nesting_mode":"set","block":{"attributes":{"priority":{"type":"number","description_kind":"plain","required":true},"type":{"type":"string","description_kind":"plain","required":true}},"description_kind":"plain"},"min_items":1}},"description_kind":"plain"},"max_items":1},"sqli_match_statement":{"nesting_mode":"list","block":{"block_types":{"field_to_match":{"nesting_mode":"list","block":{"block_types":{"all_query_arguments":{"nesting_mode":"list","block":{"description_kind":"plain"},"max_items":1},"body":{"nesting_mode":"list","block":{"description_kind":"plain"},"max_items":1},"method":{"nesting_mode":"list","block":{"description_kind":"plain"},"max_items":1},"query_string":{"nesting_mode":"list","block":{"description_kind":"plain"},"max_items":1},"single_header":{"nesting_mode":"list","block":{"attributes":{"name":{"type":"string","description_kind":"plain","required":true}},"description_kind":"plain"},"max_items":1},"single_query_argument":{"nesting_mode":"list","block":{"attributes":{"name":{"type":"string","description_kind":"plain","required":true}},"description_kind":"plain"},"max_items":1},"uri_path":{"nesting_mode":"list","block":{"description_kind":"plain"},"max_items":1}},"description_kind":"plain"},"max_items":1},"text_transformation":{"nesting_mode":"set","block":{"attributes":{"priority":{"type":"number","description_kind":"plain","required":true},"type":{"type":"string","description_kind":"plain","required":true}},"description_kind":"plain"},"min_items":1}},"description_kind":"plain"},"max_items":1},"xss_match_statement":{"nesting_mode":"list","block":{"block_types":{"field_to_match":{"nesting_mode":"list","block":{"block_types":{"all_query_arguments":{"nesting_mode":"list","block":{"description_kind":"plain"},"max_items":1},"body":{"nesting_mode":"list","block":{"description_kind":"plain"},"max_items":1},"method":{"nesting_mode":"list","block":{"description_kind":"plain"},"max_items":1},"query_string":{"nesting_mode":"list","block":{"description_kind":"plain"},"max_items":1},"single_header":{"nesting_mode":"list","block":{"attributes":{"name":{"type":"string","description_kind":"plain","required":true}},"description_kind":"plain"},"max_items":1},"single_query_argument":{"nesting_mode":"list","block":{"attributes":{"name":{"type":"string","description_kind":"plain","required":true}},"description_kind":"plain"},"max_items":1},"uri_path":{"nesting_mode":"list","block":{"description_kind":"plain"},"max_items":1}},"description_kind":"plain"},"max_items":1},"text_transformation":{"nesting_mode":"set","block":{"attributes":{"priority":{"type":"number","description_kind":"plain","required":true},"type":{"type":"string","description_kind":"plain","required":true}},"description_kind":"plain"},"min_items":1}},"description_kind":"plain"},"max_items":1}},"description_kind":"plain"},"min_items":1}},"description_kind":"plain"},"max_items":1},"regex_pattern_set_reference_statement":{"nesting_mode":"list","block":{"attributes":{"arn":{"type":"string","description_kind":"plain","required":true}},"block_types":{"field_to_match":{"nesting_mode":"list","block":{"block_types":{"all_query_arguments":{"nesting_mode":"list","block":{"description_kind":"plain"},"max_items":1},"body":{"nesting_mode":"list","block":{"description_kind":"plain"},"max_items":1},"method":{"nesting_mode":"list","block":{"description_kind":"plain"},"max_items":1},"query_string":{"nesting_mode":"list","block":{"description_kind":"plain"},"max_items":1},"single_header":{"nesting_mode":"list","block":{"attributes":{"name":{"type":"string","description_kind":"plain","required":true}},"description_kind":"plain"},"max_items":1},"single_query_argument":{"nesting_mode":"list","block":{"attributes":{"name":{"type":"string","description_kind":"plain","required":true}},"description_kind":"plain"},"max_items":1},"uri_path":{"nesting_mode":"list","block":{"description_kind":"plain"},"max_items":1}},"description_kind":"plain"},"max_items":1},"text_transformation":{"nesting_mode":"set","block":{"attributes":{"priority":{"type":"number","description_kind":"plain","required":true},"type":{"type":"string","description_kind":"plain","required":true}},"description_kind":"plain"},"min_items":1}},"description_kind":"plain"},"max_items":1},"size_constraint_statement":{"nesting_mode":"list","block":{"attributes":{"comparison_operator":{"type":"string","description_kind":"plain","required":true},"size":{"type":"number","description_kind":"plain","required":true}},"block_types":{"field_to_match":{"nesting_mode":"list","block":{"block_types":{"all_query_arguments":{"nesting_mode":"list","block":{"description_kind":"plain"},"max_items":1},"body":{"nesting_mode":"list","block":{"description_kind":"plain"},"max_items":1},"method":{"nesting_mode":"list","block":{"description_kind":"plain"},"max_items":1},"query_string":{"nesting_mode":"list","block":{"description_kind":"plain"},"max_items":1},"single_header":{"nesting_mode":"list","block":{"attributes":{"name":{"type":"string","description_kind":"plain","required":true}},"description_kind":"plain"},"max_items":1},"single_query_argument":{"nesting_mode":"list","block":{"attributes":{"name":{"type":"string","description_kind":"plain","required":true}},"description_kind":"plain"},"max_items":1},"uri_path":{"nesting_mode":"list","block":{"description_kind":"plain"},"max_items":1}},"description_kind":"plain"},"max_items":1},"text_transformation":{"nesting_mode":"set","block":{"attributes":{"priority":{"type":"number","description_kind":"plain","required":true},"type":{"type":"string","description_kind":"plain","required":true}},"description_kind":"plain"},"min_items":1}},"description_kind":"plain"},"max_items":1},"sqli_match_statement":{"nesting_mode":"list","block":{"block_types":{"field_to_match":{"nesting_mode":"list","block":{"block_types":{"all_query_arguments":{"nesting_mode":"list","block":{"description_kind":"plain"},"max_items":1},"body":{"nesting_mode":"list","block":{"description_kind":"plain"},"max_items":1},"method":{"nesting_mode":"list","block":{"description_kind":"plain"},"max_items":1},"query_string":{"nesting_mode":"list","block":{"description_kind":"plain"},"max_items":1},"single_header":{"nesting_mode":"list","block":{"attributes":{"name":{"type":"string","description_kind":"plain","required":true}},"description_kind":"plain"},"max_items":1},"single_query_argument":{"nesting_mode":"list","block":{"attributes":{"name":{"type":"string","description_kind":"plain","required":true}},"description_kind":"plain"},"max_items":1},"uri_path":{"nesting_mode":"list","block":{"description_kind":"plain"},"max_items":1}},"description_kind":"plain"},"max_items":1},"text_transformation":{"nesting_mode":"set","block":{"attributes":{"priority":{"type":"number","description_kind":"plain","required":true},"type":{"type":"string","description_kind":"plain","required":true}},"description_kind":"plain"},"min_items":1}},"description_kind":"plain"},"max_items":1},"xss_match_statement":{"nesting_mode":"list","block":{"block_types":{"field_to_match":{"nesting_mode":"list","block":{"block_types":{"all_query_arguments":{"nesting_mode":"list","block":{"description_kind":"plain"},"max_items":1},"body":{"nesting_mode":"list","block":{"description_kind":"plain"},"max_items":1},"method":{"nesting_mode":"list","block":{"description_kind":"plain"},"max_items":1},"query_string":{"nesting_mode":"list","block":{"description_kind":"plain"},"max_items":1},"single_header":{"nesting_mode":"list","block":{"attributes":{"name":{"type":"string","description_kind":"plain","required":true}},"description_kind":"plain"},"max_items":1},"single_query_argument":{"nesting_mode":"list","block":{"attributes":{"name":{"type":"string","description_kind":"plain","required":true}},"description_kind":"plain"},"max_items":1},"uri_path":{"nesting_mode":"list","block":{"description_kind":"plain"},"max_items":1}},"description_kind":"plain"},"max_items":1},"text_transformation":{"nesting_mode":"set","block":{"attributes":{"priority":{"type":"number","description_kind":"plain","required":true},"type":{"type":"string","description_kind":"plain","required":true}},"description_kind":"plain"},"min_items":1}},"description_kind":"plain"},"max_items":1}},"description_kind":"plain"},"min_items":1}},"description_kind":"plain"},"max_items":1},"byte_match_statement":{"nesting_mode":"list","block":{"attributes":{"positional_constraint":{"type":"string","description_kind":"plain","required":true},"search_string":{"type":"string","description_kind":"plain","required":true}},"block_types":{"field_to_match":{"nesting_mode":"list","block":{"block_types":{"all_query_arguments":{"nesting_mode":"list","block":{"description_kind":"plain"},"max_items":1},"body":{"nesting_mode":"list","block":{"description_kind":"plain"},"max_items":1},"method":{"nesting_mode":"list","block":{"description_kind":"plain"},"max_items":1},"query_string":{"nesting_mode":"list","block":{"description_kind":"plain"},"max_items":1},"single_header":{"nesting_mode":"list","block":{"attributes":{"name":{"type":"string","description_kind":"plain","required":true}},"description_kind":"plain"},"max_items":1},"single_query_argument":{"nesting_mode":"list","block":{"attributes":{"name":{"type":"string","description_kind":"plain","required":true}},"description_kind":"plain"},"max_items":1},"uri_path":{"nesting_mode":"list","block":{"description_kind":"plain"},"max_items":1}},"description_kind":"plain"},"max_items":1},"text_transformation":{"nesting_mode":"set","block":{"attributes":{"priority":{"type":"number","description_kind":"plain","required":true},"type":{"type":"string","description_kind":"plain","required":true}},"description_kind":"plain"},"min_items":1}},"description_kind":"plain"},"max_items":1},"geo_match_statement":{"nesting_mode":"list","block":{"attributes":{"country_codes":{"type":["list","string"],"description_kind":"plain","required":true}},"block_types":{"forwarded_ip_config":{"nesting_mode":"list","block":{"attributes":{"fallback_behavior":{"type":"string","description_kind":"plain","required":true},"header_name":{"type":"string","description_kind":"plain","required":true}},"description_kind":"plain"},"max_items":1}},"description_kind":"plain"},"max_items":1},"ip_set_reference_statement":{"nesting_mode":"list","block":{"attributes":{"arn":{"type":"string","description_kind":"plain","required":true}},"block_types":{"ip_set_forwarded_ip_config":{"nesting_mode":"list","block":{"attributes":{"fallback_behavior":{"type":"string","description_kind":"plain","required":true},"header_name":{"type":"string","description_kind":"plain","required":true},"position":{"type":"string","description_kind":"plain","required":true}},"description_kind":"plain"},"max_items":1}},"description_kind":"plain"},"max_items":1},"not_statement":{"nesting_mode":"list","block":{"block_types":{"statement":{"nesting_mode":"list","block":{"block_types":{"and_statement":{"nesting_mode":"list","block":{"block_types":{"statement":{"nesting_mode":"list","block":{"block_types":{"byte_match_statement":{"nesting_mode":"list","block":{"attributes":{"positional_constraint":{"type":"string","description_kind":"plain","required":true},"search_string":{"type":"string","description_kind":"plain","required":true}},"block_types":{"field_to_match":{"nesting_mode":"list","block":{"block_types":{"all_query_arguments":{"nesting_mode":"list","block":{"description_kind":"plain"},"max_items":1},"body":{"nesting_mode":"list","block":{"description_kind":"plain"},"max_items":1},"method":{"nesting_mode":"list","block":{"description_kind":"plain"},"max_items":1},"query_string":{"nesting_mode":"list","block":{"description_kind":"plain"},"max_items":1},"single_header":{"nesting_mode":"list","block":{"attributes":{"name":{"type":"string","description_kind":"plain","required":true}},"description_kind":"plain"},"max_items":1},"single_query_argument":{"nesting_mode":"list","block":{"attributes":{"name":{"type":"string","description_kind":"plain","required":true}},"description_kind":"plain"},"max_items":1},"uri_path":{"nesting_mode":"list","block":{"description_kind":"plain"},"max_items":1}},"description_kind":"plain"},"max_items":1},"text_transformation":{"nesting_mode":"set","block":{"attributes":{"priority":{"type":"number","description_kind":"plain","required":true},"type":{"type":"string","description_kind":"plain","required":true}},"description_kind":"plain"},"min_items":1}},"description_kind":"plain"},"max_items":1},"geo_match_statement":{"nesting_mode":"list","block":{"attributes":{"country_codes":{"type":["list","string"],"description_kind":"plain","required":true}},"block_types":{"forwarded_ip_config":{"nesting_mode":"list","block":{"attributes":{"fallback_behavior":{"type":"string","description_kind":"plain","required":true},"header_name":{"type":"string","description_kind":"plain","required":true}},"description_kind":"plain"},"max_items":1}},"description_kind":"plain"},"max_items":1},"ip_set_reference_statement":{"nesting_mode":"list","block":{"attributes":{"arn":{"type":"string","description_kind":"plain","required":true}},"block_types":{"ip_set_forwarded_ip_config":{"nesting_mode":"list","block":{"attributes":{"fallback_behavior":{"type":"string","description_kind":"plain","required":true},"header_name":{"type":"string","description_kind":"plain","required":true},"position":{"type":"string","description_kind":"plain","required":true}},"description_kind":"plain"},"max_items":1}},"description_kind":"plain"},"max_items":1},"regex_pattern_set_reference_statement":{"nesting_mode":"list","block":{"attributes":{"arn":{"type":"string","description_kind":"plain","required":true}},"block_types":{"field_to_match":{"nesting_mode":"list","block":{"block_types":{"all_query_arguments":{"nesting_mode":"list","block":{"description_kind":"plain"},"max_items":1},"body":{"nesting_mode":"list","block":{"description_kind":"plain"},"max_items":1},"method":{"nesting_mode":"list","block":{"description_kind":"plain"},"max_items":1},"query_string":{"nesting_mode":"list","block":{"description_kind":"plain"},"max_items":1},"single_header":{"nesting_mode":"list","block":{"attributes":{"name":{"type":"string","description_kind":"plain","required":true}},"description_kind":"plain"},"max_items":1},"single_query_argument":{"nesting_mode":"list","block":{"attributes":{"name":{"type":"string","description_kind":"plain","required":true}},"description_kind":"plain"},"max_items":1},"uri_path":{"nesting_mode":"list","block":{"description_kind":"plain"},"max_items":1}},"description_kind":"plain"},"max_items":1},"text_transformation":{"nesting_mode":"set","block":{"attributes":{"priority":{"type":"number","description_kind":"plain","required":true},"type":{"type":"string","description_kind":"plain","required":true}},"description_kind":"plain"},"min_items":1}},"description_kind":"plain"},"max_items":1},"size_constraint_statement":{"nesting_mode":"list","block":{"attributes":{"comparison_operator":{"type":"string","description_kind":"plain","required":true},"size":{"type":"number","description_kind":"plain","required":true}},"block_types":{"field_to_match":{"nesting_mode":"list","block":{"block_types":{"all_query_arguments":{"nesting_mode":"list","block":{"description_kind":"plain"},"max_items":1},"body":{"nesting_mode":"list","block":{"description_kind":"plain"},"max_items":1},"method":{"nesting_mode":"list","block":{"description_kind":"plain"},"max_items":1},"query_string":{"nesting_mode":"list","block":{"description_kind":"plain"},"max_items":1},"single_header":{"nesting_mode":"list","block":{"attributes":{"name":{"type":"string","description_kind":"plain","required":true}},"description_kind":"plain"},"max_items":1},"single_query_argument":{"nesting_mode":"list","block":{"attributes":{"name":{"type":"string","description_kind":"plain","required":true}},"description_kind":"plain"},"max_items":1},"uri_path":{"nesting_mode":"list","block":{"description_kind":"plain"},"max_items":1}},"description_kind":"plain"},"max_items":1},"text_transformation":{"nesting_mode":"set","block":{"attributes":{"priority":{"type":"number","description_kind":"plain","required":true},"type":{"type":"string","description_kind":"plain","required":true}},"description_kind":"plain"},"min_items":1}},"description_kind":"plain"},"max_items":1},"sqli_match_statement":{"nesting_mode":"list","block":{"block_types":{"field_to_match":{"nesting_mode":"list","block":{"block_types":{"all_query_arguments":{"nesting_mode":"list","block":{"description_kind":"plain"},"max_items":1},"body":{"nesting_mode":"list","block":{"description_kind":"plain"},"max_items":1},"method":{"nesting_mode":"list","block":{"description_kind":"plain"},"max_items":1},"query_string":{"nesting_mode":"list","block":{"description_kind":"plain"},"max_items":1},"single_header":{"nesting_mode":"list","block":{"attributes":{"name":{"type":"string","description_kind":"plain","required":true}},"description_kind":"plain"},"max_items":1},"single_query_argument":{"nesting_mode":"list","block":{"attributes":{"name":{"type":"string","description_kind":"plain","required":true}},"description_kind":"plain"},"max_items":1},"uri_path":{"nesting_mode":"list","block":{"description_kind":"plain"},"max_items":1}},"description_kind":"plain"},"max_items":1},"text_transformation":{"nesting_mode":"set","block":{"attributes":{"priority":{"type":"number","description_kind":"plain","required":true},"type":{"type":"string","description_kind":"plain","required":true}},"description_kind":"plain"},"min_items":1}},"description_kind":"plain"},"max_items":1},"xss_match_statement":{"nesting_mode":"list","block":{"block_types":{"field_to_match":{"nesting_mode":"list","block":{"block_types":{"all_query_arguments":{"nesting_mode":"list","block":{"description_kind":"plain"},"max_items":1},"body":{"nesting_mode":"list","block":{"description_kind":"plain"},"max_items":1},"method":{"nesting_mode":"list","block":{"description_kind":"plain"},"max_items":1},"query_string":{"nesting_mode":"list","block":{"description_kind":"plain"},"max_items":1},"single_header":{"nesting_mode":"list","block":{"attributes":{"name":{"type":"string","description_kind":"plain","required":true}},"description_kind":"plain"},"max_items":1},"single_query_argument":{"nesting_mode":"list","block":{"attributes":{"name":{"type":"string","description_kind":"plain","required":true}},"description_kind":"plain"},"max_items":1},"uri_path":{"nesting_mode":"list","block":{"description_kind":"plain"},"max_items":1}},"description_kind":"plain"},"max_items":1},"text_transformation":{"nesting_mode":"set","block":{"attributes":{"priority":{"type":"number","description_kind":"plain","required":true},"type":{"type":"string","description_kind":"plain","required":true}},"description_kind":"plain"},"min_items":1}},"description_kind":"plain"},"max_items":1}},"description_kind":"plain"},"min_items":1}},"description_kind":"plain"},"max_items":1},"byte_match_statement":{"nesting_mode":"list","block":{"attributes":{"positional_constraint":{"type":"string","description_kind":"plain","required":true},"search_string":{"type":"string","description_kind":"plain","required":true}},"block_types":{"field_to_match":{"nesting_mode":"list","block":{"block_types":{"all_query_arguments":{"nesting_mode":"list","block":{"description_kind":"plain"},"max_items":1},"body":{"nesting_mode":"list","block":{"description_kind":"plain"},"max_items":1},"method":{"nesting_mode":"list","block":{"description_kind":"plain"},"max_items":1},"query_string":{"nesting_mode":"list","block":{"description_kind":"plain"},"max_items":1},"single_header":{"nesting_mode":"list","block":{"attributes":{"name":{"type":"string","description_kind":"plain","required":true}},"description_kind":"plain"},"max_items":1},"single_query_argument":{"nesting_mode":"list","block":{"attributes":{"name":{"type":"string","description_kind":"plain","required":true}},"description_kind":"plain"},"max_items":1},"uri_path":{"nesting_mode":"list","block":{"description_kind":"plain"},"max_items":1}},"description_kind":"plain"},"max_items":1},"text_transformation":{"nesting_mode":"set","block":{"attributes":{"priority":{"type":"number","description_kind":"plain","required":true},"type":{"type":"string","description_kind":"plain","required":true}},"description_kind":"plain"},"min_items":1}},"description_kind":"plain"},"max_items":1},"geo_match_statement":{"nesting_mode":"list","block":{"attributes":{"country_codes":{"type":["list","string"],"description_kind":"plain","required":true}},"block_types":{"forwarded_ip_config":{"nesting_mode":"list","block":{"attributes":{"fallback_behavior":{"type":"string","description_kind":"plain","required":true},"header_name":{"type":"string","description_kind":"plain","required":true}},"description_kind":"plain"},"max_items":1}},"description_kind":"plain"},"max_items":1},"ip_set_reference_statement":{"nesting_mode":"list","block":{"attributes":{"arn":{"type":"string","description_kind":"plain","required":true}},"block_types":{"ip_set_forwarded_ip_config":{"nesting_mode":"list","block":{"attributes":{"fallback_behavior":{"type":"string","description_kind":"plain","required":true},"header_name":{"type":"string","description_kind":"plain","required":true},"position":{"type":"string","description_kind":"plain","required":true}},"description_kind":"plain"},"max_items":1}},"description_kind":"plain"},"max_items":1},"not_statement":{"nesting_mode":"list","block":{"block_types":{"statement":{"nesting_mode":"list","block":{"block_types":{"byte_match_statement":{"nesting_mode":"list","block":{"attributes":{"positional_constraint":{"type":"string","description_kind":"plain","required":true},"search_string":{"type":"string","description_kind":"plain","required":true}},"block_types":{"field_to_match":{"nesting_mode":"list","block":{"block_types":{"all_query_arguments":{"nesting_mode":"list","block":{"description_kind":"plain"},"max_items":1},"body":{"nesting_mode":"list","block":{"description_kind":"plain"},"max_items":1},"method":{"nesting_mode":"list","block":{"description_kind":"plain"},"max_items":1},"query_string":{"nesting_mode":"list","block":{"description_kind":"plain"},"max_items":1},"single_header":{"nesting_mode":"list","block":{"attributes":{"name":{"type":"string","description_kind":"plain","required":true}},"description_kind":"plain"},"max_items":1},"single_query_argument":{"nesting_mode":"list","block":{"attributes":{"name":{"type":"string","description_kind":"plain","required":true}},"description_kind":"plain"},"max_items":1},"uri_path":{"nesting_mode":"list","block":{"description_kind":"plain"},"max_items":1}},"description_kind":"plain"},"max_items":1},"text_transformation":{"nesting_mode":"set","block":{"attributes":{"priority":{"type":"number","description_kind":"plain","required":true},"type":{"type":"string","description_kind":"plain","required":true}},"description_kind":"plain"},"min_items":1}},"description_kind":"plain"},"max_items":1},"geo_match_statement":{"nesting_mode":"list","block":{"attributes":{"country_codes":{"type":["list","string"],"description_kind":"plain","required":true}},"block_types":{"forwarded_ip_config":{"nesting_mode":"list","block":{"attributes":{"fallback_behavior":{"type":"string","description_kind":"plain","required":true},"header_name":{"type":"string","description_kind":"plain","required":true}},"description_kind":"plain"},"max_items":1}},"description_kind":"plain"},"max_items":1},"ip_set_reference_statement":{"nesting_mode":"list","block":{"attributes":{"arn":{"type":"string","description_kind":"plain","required":true}},"block_types":{"ip_set_forwarded_ip_config":{"nesting_mode":"list","block":{"attributes":{"fallback_behavior":{"type":"string","description_kind":"plain","required":true},"header_name":{"type":"string","description_kind":"plain","required":true},"position":{"type":"string","description_kind":"plain","required":true}},"description_kind":"plain"},"max_items":1}},"description_kind":"plain"},"max_items":1},"regex_pattern_set_reference_statement":{"nesting_mode":"list","block":{"attributes":{"arn":{"type":"string","description_kind":"plain","required":true}},"block_types":{"field_to_match":{"nesting_mode":"list","block":{"block_types":{"all_query_arguments":{"nesting_mode":"list","block":{"description_kind":"plain"},"max_items":1},"body":{"nesting_mode":"list","block":{"description_kind":"plain"},"max_items":1},"method":{"nesting_mode":"list","block":{"description_kind":"plain"},"max_items":1},"query_string":{"nesting_mode":"list","block":{"description_kind":"plain"},"max_items":1},"single_header":{"nesting_mode":"list","block":{"attributes":{"name":{"type":"string","description_kind":"plain","required":true}},"description_kind":"plain"},"max_items":1},"single_query_argument":{"nesting_mode":"list","block":{"attributes":{"name":{"type":"string","description_kind":"plain","required":true}},"description_kind":"plain"},"max_items":1},"uri_path":{"nesting_mode":"list","block":{"description_kind":"plain"},"max_items":1}},"description_kind":"plain"},"max_items":1},"text_transformation":{"nesting_mode":"set","block":{"attributes":{"priority":{"type":"number","description_kind":"plain","required":true},"type":{"type":"string","description_kind":"plain","required":true}},"description_kind":"plain"},"min_items":1}},"description_kind":"plain"},"max_items":1},"size_constraint_statement":{"nesting_mode":"list","block":{"attributes":{"comparison_operator":{"type":"string","description_kind":"plain","required":true},"size":{"type":"number","description_kind":"plain","required":true}},"block_types":{"field_to_match":{"nesting_mode":"list","block":{"block_types":{"all_query_arguments":{"nesting_mode":"list","block":{"description_kind":"plain"},"max_items":1},"body":{"nesting_mode":"list","block":{"description_kind":"plain"},"max_items":1},"method":{"nesting_mode":"list","block":{"description_kind":"plain"},"max_items":1},"query_string":{"nesting_mode":"list","block":{"description_kind":"plain"},"max_items":1},"single_header":{"nesting_mode":"list","block":{"attributes":{"name":{"type":"string","description_kind":"plain","required":true}},"description_kind":"plain"},"max_items":1},"single_query_argument":{"nesting_mode":"list","block":{"attributes":{"name":{"type":"string","description_kind":"plain","required":true}},"description_kind":"plain"},"max_items":1},"uri_path":{"nesting_mode":"list","block":{"description_kind":"plain"},"max_items":1}},"description_kind":"plain"},"max_items":1},"text_transformation":{"nesting_mode":"set","block":{"attributes":{"priority":{"type":"number","description_kind":"plain","required":true},"type":{"type":"string","description_kind":"plain","required":true}},"description_kind":"plain"},"min_items":1}},"description_kind":"plain"},"max_items":1},"sqli_match_statement":{"nesting_mode":"list","block":{"block_types":{"field_to_match":{"nesting_mode":"list","block":{"block_types":{"all_query_arguments":{"nesting_mode":"list","block":{"description_kind":"plain"},"max_items":1},"body":{"nesting_mode":"list","block":{"description_kind":"plain"},"max_items":1},"method":{"nesting_mode":"list","block":{"description_kind":"plain"},"max_items":1},"query_string":{"nesting_mode":"list","block":{"description_kind":"plain"},"max_items":1},"single_header":{"nesting_mode":"list","block":{"attributes":{"name":{"type":"string","description_kind":"plain","required":true}},"description_kind":"plain"},"max_items":1},"single_query_argument":{"nesting_mode":"list","block":{"attributes":{"name":{"type":"string","description_kind":"plain","required":true}},"description_kind":"plain"},"max_items":1},"uri_path":{"nesting_mode":"list","block":{"description_kind":"plain"},"max_items":1}},"description_kind":"plain"},"max_items":1},"text_transformation":{"nesting_mode":"set","block":{"attributes":{"priority":{"type":"number","description_kind":"plain","required":true},"type":{"type":"string","description_kind":"plain","required":true}},"description_kind":"plain"},"min_items":1}},"description_kind":"plain"},"max_items":1},"xss_match_statement":{"nesting_mode":"list","block":{"block_types":{"field_to_match":{"nesting_mode":"list","block":{"block_types":{"all_query_arguments":{"nesting_mode":"list","block":{"description_kind":"plain"},"max_items":1},"body":{"nesting_mode":"list","block":{"description_kind":"plain"},"max_items":1},"method":{"nesting_mode":"list","block":{"description_kind":"plain"},"max_items":1},"query_string":{"nesting_mode":"list","block":{"description_kind":"plain"},"max_items":1},"single_header":{"nesting_mode":"list","block":{"attributes":{"name":{"type":"string","description_kind":"plain","required":true}},"description_kind":"plain"},"max_items":1},"single_query_argument":{"nesting_mode":"list","block":{"attributes":{"name":{"type":"string","description_kind":"plain","required":true}},"description_kind":"plain"},"max_items":1},"uri_path":{"nesting_mode":"list","block":{"description_kind":"plain"},"max_items":1}},"description_kind":"plain"},"max_items":1},"text_transformation":{"nesting_mode":"set","block":{"attributes":{"priority":{"type":"number","description_kind":"plain","required":true},"type":{"type":"string","description_kind":"plain","required":true}},"description_kind":"plain"},"min_items":1}},"description_kind":"plain"},"max_items":1}},"description_kind":"plain"},"min_items":1}},"description_kind":"plain"},"max_items":1},"or_statement":{"nesting_mode":"list","block":{"block_types":{"statement":{"nesting_mode":"list","block":{"block_types":{"byte_match_statement":{"nesting_mode":"list","block":{"attributes":{"positional_constraint":{"type":"string","description_kind":"plain","required":true},"search_string":{"type":"string","description_kind":"plain","required":true}},"block_types":{"field_to_match":{"nesting_mode":"list","block":{"block_types":{"all_query_arguments":{"nesting_mode":"list","block":{"description_kind":"plain"},"max_items":1},"body":{"nesting_mode":"list","block":{"description_kind":"plain"},"max_items":1},"method":{"nesting_mode":"list","block":{"description_kind":"plain"},"max_items":1},"query_string":{"nesting_mode":"list","block":{"description_kind":"plain"},"max_items":1},"single_header":{"nesting_mode":"list","block":{"attributes":{"name":{"type":"string","description_kind":"plain","required":true}},"description_kind":"plain"},"max_items":1},"single_query_argument":{"nesting_mode":"list","block":{"attributes":{"name":{"type":"string","description_kind":"plain","required":true}},"description_kind":"plain"},"max_items":1},"uri_path":{"nesting_mode":"list","block":{"description_kind":"plain"},"max_items":1}},"description_kind":"plain"},"max_items":1},"text_transformation":{"nesting_mode":"set","block":{"attributes":{"priority":{"type":"number","description_kind":"plain","required":true},"type":{"type":"string","description_kind":"plain","required":true}},"description_kind":"plain"},"min_items":1}},"description_kind":"plain"},"max_items":1},"geo_match_statement":{"nesting_mode":"list","block":{"attributes":{"country_codes":{"type":["list","string"],"description_kind":"plain","required":true}},"block_types":{"forwarded_ip_config":{"nesting_mode":"list","block":{"attributes":{"fallback_behavior":{"type":"string","description_kind":"plain","required":true},"header_name":{"type":"string","description_kind":"plain","required":true}},"description_kind":"plain"},"max_items":1}},"description_kind":"plain"},"max_items":1},"ip_set_reference_statement":{"nesting_mode":"list","block":{"attributes":{"arn":{"type":"string","description_kind":"plain","required":true}},"block_types":{"ip_set_forwarded_ip_config":{"nesting_mode":"list","block":{"attributes":{"fallback_behavior":{"type":"string","description_kind":"plain","required":true},"header_name":{"type":"string","description_kind":"plain","required":true},"position":{"type":"string","description_kind":"plain","required":true}},"description_kind":"plain"},"max_items":1}},"description_kind":"plain"},"max_items":1},"regex_pattern_set_reference_statement":{"nesting_mode":"list","block":{"attributes":{"arn":{"type":"string","description_kind":"plain","required":true}},"block_types":{"field_to_match":{"nesting_mode":"list","block":{"block_types":{"all_query_arguments":{"nesting_mode":"list","block":{"description_kind":"plain"},"max_items":1},"body":{"nesting_mode":"list","block":{"description_kind":"plain"},"max_items":1},"method":{"nesting_mode":"list","block":{"description_kind":"plain"},"max_items":1},"query_string":{"nesting_mode":"list","block":{"description_kind":"plain"},"max_items":1},"single_header":{"nesting_mode":"list","block":{"attributes":{"name":{"type":"string","description_kind":"plain","required":true}},"description_kind":"plain"},"max_items":1},"single_query_argument":{"nesting_mode":"list","block":{"attributes":{"name":{"type":"string","description_kind":"plain","required":true}},"description_kind":"plain"},"max_items":1},"uri_path":{"nesting_mode":"list","block":{"description_kind":"plain"},"max_items":1}},"description_kind":"plain"},"max_items":1},"text_transformation":{"nesting_mode":"set","block":{"attributes":{"priority":{"type":"number","description_kind":"plain","required":true},"type":{"type":"string","description_kind":"plain","required":true}},"description_kind":"plain"},"min_items":1}},"description_kind":"plain"},"max_items":1},"size_constraint_statement":{"nesting_mode":"list","block":{"attributes":{"comparison_operator":{"type":"string","description_kind":"plain","required":true},"size":{"type":"number","description_kind":"plain","required":true}},"block_types":{"field_to_match":{"nesting_mode":"list","block":{"block_types":{"all_query_arguments":{"nesting_mode":"list","block":{"description_kind":"plain"},"max_items":1},"body":{"nesting_mode":"list","block":{"description_kind":"plain"},"max_items":1},"method":{"nesting_mode":"list","block":{"description_kind":"plain"},"max_items":1},"query_string":{"nesting_mode":"list","block":{"description_kind":"plain"},"max_items":1},"single_header":{"nesting_mode":"list","block":{"attributes":{"name":{"type":"string","description_kind":"plain","required":true}},"description_kind":"plain"},"max_items":1},"single_query_argument":{"nesting_mode":"list","block":{"attributes":{"name":{"type":"string","description_kind":"plain","required":true}},"description_kind":"plain"},"max_items":1},"uri_path":{"nesting_mode":"list","block":{"description_kind":"plain"},"max_items":1}},"description_kind":"plain"},"max_items":1},"text_transformation":{"nesting_mode":"set","block":{"attributes":{"priority":{"type":"number","description_kind":"plain","required":true},"type":{"type":"string","description_kind":"plain","required":true}},"description_kind":"plain"},"min_items":1}},"description_kind":"plain"},"max_items":1},"sqli_match_statement":{"nesting_mode":"list","block":{"block_types":{"field_to_match":{"nesting_mode":"list","block":{"block_types":{"all_query_arguments":{"nesting_mode":"list","block":{"description_kind":"plain"},"max_items":1},"body":{"nesting_mode":"list","block":{"description_kind":"plain"},"max_items":1},"method":{"nesting_mode":"list","block":{"description_kind":"plain"},"max_items":1},"query_string":{"nesting_mode":"list","block":{"description_kind":"plain"},"max_items":1},"single_header":{"nesting_mode":"list","block":{"attributes":{"name":{"type":"string","description_kind":"plain","required":true}},"description_kind":"plain"},"max_items":1},"single_query_argument":{"nesting_mode":"list","block":{"attributes":{"name":{"type":"string","description_kind":"plain","required":true}},"description_kind":"plain"},"max_items":1},"uri_path":{"nesting_mode":"list","block":{"description_kind":"plain"},"max_items":1}},"description_kind":"plain"},"max_items":1},"text_transformation":{"nesting_mode":"set","block":{"attributes":{"priority":{"type":"number","description_kind":"plain","required":true},"type":{"type":"string","description_kind":"plain","required":true}},"description_kind":"plain"},"min_items":1}},"description_kind":"plain"},"max_items":1},"xss_match_statement":{"nesting_mode":"list","block":{"block_types":{"field_to_match":{"nesting_mode":"list","block":{"block_types":{"all_query_arguments":{"nesting_mode":"list","block":{"description_kind":"plain"},"max_items":1},"body":{"nesting_mode":"list","block":{"description_kind":"plain"},"max_items":1},"method":{"nesting_mode":"list","block":{"description_kind":"plain"},"max_items":1},"query_string":{"nesting_mode":"list","block":{"description_kind":"plain"},"max_items":1},"single_header":{"nesting_mode":"list","block":{"attributes":{"name":{"type":"string","description_kind":"plain","required":true}},"description_kind":"plain"},"max_items":1},"single_query_argument":{"nesting_mode":"list","block":{"attributes":{"name":{"type":"string","description_kind":"plain","required":true}},"description_kind":"plain"},"max_items":1},"uri_path":{"nesting_mode":"list","block":{"description_kind":"plain"},"max_items":1}},"description_kind":"plain"},"max_items":1},"text_transformation":{"nesting_mode":"set","block":{"attributes":{"priority":{"type":"number","description_kind":"plain","required":true},"type":{"type":"string","description_kind":"plain","required":true}},"description_kind":"plain"},"min_items":1}},"description_kind":"plain"},"max_items":1}},"description_kind":"plain"},"min_items":1}},"description_kind":"plain"},"max_items":1},"regex_pattern_set_reference_statement":{"nesting_mode":"list","block":{"attributes":{"arn":{"type":"string","description_kind":"plain","required":true}},"block_types":{"field_to_match":{"nesting_mode":"list","block":{"block_types":{"all_query_arguments":{"nesting_mode":"list","block":{"description_kind":"plain"},"max_items":1},"body":{"nesting_mode":"list","block":{"description_kind":"plain"},"max_items":1},"method":{"nesting_mode":"list","block":{"description_kind":"plain"},"max_items":1},"query_string":{"nesting_mode":"list","block":{"description_kind":"plain"},"max_items":1},"single_header":{"nesting_mode":"list","block":{"attributes":{"name":{"type":"string","description_kind":"plain","required":true}},"description_kind":"plain"},"max_items":1},"single_query_argument":{"nesting_mode":"list","block":{"attributes":{"name":{"type":"string","description_kind":"plain","required":true}},"description_kind":"plain"},"max_items":1},"uri_path":{"nesting_mode":"list","block":{"description_kind":"plain"},"max_items":1}},"description_kind":"plain"},"max_items":1},"text_transformation":{"nesting_mode":"set","block":{"attributes":{"priority":{"type":"number","description_kind":"plain","required":true},"type":{"type":"string","description_kind":"plain","required":true}},"description_kind":"plain"},"min_items":1}},"description_kind":"plain"},"max_items":1},"size_constraint_statement":{"nesting_mode":"list","block":{"attributes":{"comparison_operator":{"type":"string","description_kind":"plain","required":true},"size":{"type":"number","description_kind":"plain","required":true}},"block_types":{"field_to_match":{"nesting_mode":"list","block":{"block_types":{"all_query_arguments":{"nesting_mode":"list","block":{"description_kind":"plain"},"max_items":1},"body":{"nesting_mode":"list","block":{"description_kind":"plain"},"max_items":1},"method":{"nesting_mode":"list","block":{"description_kind":"plain"},"max_items":1},"query_string":{"nesting_mode":"list","block":{"description_kind":"plain"},"max_items":1},"single_header":{"nesting_mode":"list","block":{"attributes":{"name":{"type":"string","description_kind":"plain","required":true}},"description_kind":"plain"},"max_items":1},"single_query_argument":{"nesting_mode":"list","block":{"attributes":{"name":{"type":"string","description_kind":"plain","required":true}},"description_kind":"plain"},"max_items":1},"uri_path":{"nesting_mode":"list","block":{"description_kind":"plain"},"max_items":1}},"description_kind":"plain"},"max_items":1},"text_transformation":{"nesting_mode":"set","block":{"attributes":{"priority":{"type":"number","description_kind":"plain","required":true},"type":{"type":"string","description_kind":"plain","required":true}},"description_kind":"plain"},"min_items":1}},"description_kind":"plain"},"max_items":1},"sqli_match_statement":{"nesting_mode":"list","block":{"block_types":{"field_to_match":{"nesting_mode":"list","block":{"block_types":{"all_query_arguments":{"nesting_mode":"list","block":{"description_kind":"plain"},"max_items":1},"body":{"nesting_mode":"list","block":{"description_kind":"plain"},"max_items":1},"method":{"nesting_mode":"list","block":{"description_kind":"plain"},"max_items":1},"query_string":{"nesting_mode":"list","block":{"description_kind":"plain"},"max_items":1},"single_header":{"nesting_mode":"list","block":{"attributes":{"name":{"type":"string","description_kind":"plain","required":true}},"description_kind":"plain"},"max_items":1},"single_query_argument":{"nesting_mode":"list","block":{"attributes":{"name":{"type":"string","description_kind":"plain","required":true}},"description_kind":"plain"},"max_items":1},"uri_path":{"nesting_mode":"list","block":{"description_kind":"plain"},"max_items":1}},"description_kind":"plain"},"max_items":1},"text_transformation":{"nesting_mode":"set","block":{"attributes":{"priority":{"type":"number","description_kind":"plain","required":true},"type":{"type":"string","description_kind":"plain","required":true}},"description_kind":"plain"},"min_items":1}},"description_kind":"plain"},"max_items":1},"xss_match_statement":{"nesting_mode":"list","block":{"block_types":{"field_to_match":{"nesting_mode":"list","block":{"block_types":{"all_query_arguments":{"nesting_mode":"list","block":{"description_kind":"plain"},"max_items":1},"body":{"nesting_mode":"list","block":{"description_kind":"plain"},"max_items":1},"method":{"nesting_mode":"list","block":{"description_kind":"plain"},"max_items":1},"query_string":{"nesting_mode":"list","block":{"description_kind":"plain"},"max_items":1},"single_header":{"nesting_mode":"list","block":{"attributes":{"name":{"type":"string","description_kind":"plain","required":true}},"description_kind":"plain"},"max_items":1},"single_query_argument":{"nesting_mode":"list","block":{"attributes":{"name":{"type":"string","description_kind":"plain","required":true}},"description_kind":"plain"},"max_items":1},"uri_path":{"nesting_mode":"list","block":{"description_kind":"plain"},"max_items":1}},"description_kind":"plain"},"max_items":1},"text_transformation":{"nesting_mode":"set","block":{"attributes":{"priority":{"type":"number","description_kind":"plain","required":true},"type":{"type":"string","description_kind":"plain","required":true}},"description_kind":"plain"},"min_items":1}},"description_kind":"plain"},"max_items":1}},"description_kind":"plain"},"min_items":1}},"description_kind":"plain"},"max_items":1},"or_statement":{"nesting_mode":"list","block":{"block_types":{"statement":{"nesting_mode":"list","block":{"block_types":{"and_statement":{"nesting_mode":"list","block":{"block_types":{"statement":{"nesting_mode":"list","block":{"block_types":{"byte_match_statement":{"nesting_mode":"list","block":{"attributes":{"positional_constraint":{"type":"string","description_kind":"plain","required":true},"search_string":{"type":"string","description_kind":"plain","required":true}},"block_types":{"field_to_match":{"nesting_mode":"list","block":{"block_types":{"all_query_arguments":{"nesting_mode":"list","block":{"description_kind":"plain"},"max_items":1},"body":{"nesting_mode":"list","block":{"description_kind":"plain"},"max_items":1},"method":{"nesting_mode":"list","block":{"description_kind":"plain"},"max_items":1},"query_string":{"nesting_mode":"list","block":{"description_kind":"plain"},"max_items":1},"single_header":{"nesting_mode":"list","block":{"attributes":{"name":{"type":"string","description_kind":"plain","required":true}},"description_kind":"plain"},"max_items":1},"single_query_argument":{"nesting_mode":"list","block":{"attributes":{"name":{"type":"string","description_kind":"plain","required":true}},"description_kind":"plain"},"max_items":1},"uri_path":{"nesting_mode":"list","block":{"description_kind":"plain"},"max_items":1}},"description_kind":"plain"},"max_items":1},"text_transformation":{"nesting_mode":"set","block":{"attributes":{"priority":{"type":"number","description_kind":"plain","required":true},"type":{"type":"string","description_kind":"plain","required":true}},"description_kind":"plain"},"min_items":1}},"description_kind":"plain"},"max_items":1},"geo_match_statement":{"nesting_mode":"list","block":{"attributes":{"country_codes":{"type":["list","string"],"description_kind":"plain","required":true}},"block_types":{"forwarded_ip_config":{"nesting_mode":"list","block":{"attributes":{"fallback_behavior":{"type":"string","description_kind":"plain","required":true},"header_name":{"type":"string","description_kind":"plain","required":true}},"description_kind":"plain"},"max_items":1}},"description_kind":"plain"},"max_items":1},"ip_set_reference_statement":{"nesting_mode":"list","block":{"attributes":{"arn":{"type":"string","description_kind":"plain","required":true}},"block_types":{"ip_set_forwarded_ip_config":{"nesting_mode":"list","block":{"attributes":{"fallback_behavior":{"type":"string","description_kind":"plain","required":true},"header_name":{"type":"string","description_kind":"plain","required":true},"position":{"type":"string","description_kind":"plain","required":true}},"description_kind":"plain"},"max_items":1}},"description_kind":"plain"},"max_items":1},"regex_pattern_set_reference_statement":{"nesting_mode":"list","block":{"attributes":{"arn":{"type":"string","description_kind":"plain","required":true}},"block_types":{"field_to_match":{"nesting_mode":"list","block":{"block_types":{"all_query_arguments":{"nesting_mode":"list","block":{"description_kind":"plain"},"max_items":1},"body":{"nesting_mode":"list","block":{"description_kind":"plain"},"max_items":1},"method":{"nesting_mode":"list","block":{"description_kind":"plain"},"max_items":1},"query_string":{"nesting_mode":"list","block":{"description_kind":"plain"},"max_items":1},"single_header":{"nesting_mode":"list","block":{"attributes":{"name":{"type":"string","description_kind":"plain","required":true}},"description_kind":"plain"},"max_items":1},"single_query_argument":{"nesting_mode":"list","block":{"attributes":{"name":{"type":"string","description_kind":"plain","required":true}},"description_kind":"plain"},"max_items":1},"uri_path":{"nesting_mode":"list","block":{"description_kind":"plain"},"max_items":1}},"description_kind":"plain"},"max_items":1},"text_transformation":{"nesting_mode":"set","block":{"attributes":{"priority":{"type":"number","description_kind":"plain","required":true},"type":{"type":"string","description_kind":"plain","required":true}},"description_kind":"plain"},"min_items":1}},"description_kind":"plain"},"max_items":1},"size_constraint_statement":{"nesting_mode":"list","block":{"attributes":{"comparison_operator":{"type":"string","description_kind":"plain","required":true},"size":{"type":"number","description_kind":"plain","required":true}},"block_types":{"field_to_match":{"nesting_mode":"list","block":{"block_types":{"all_query_arguments":{"nesting_mode":"list","block":{"description_kind":"plain"},"max_items":1},"body":{"nesting_mode":"list","block":{"description_kind":"plain"},"max_items":1},"method":{"nesting_mode":"list","block":{"description_kind":"plain"},"max_items":1},"query_string":{"nesting_mode":"list","block":{"description_kind":"plain"},"max_items":1},"single_header":{"nesting_mode":"list","block":{"attributes":{"name":{"type":"string","description_kind":"plain","required":true}},"description_kind":"plain"},"max_items":1},"single_query_argument":{"nesting_mode":"list","block":{"attributes":{"name":{"type":"string","description_kind":"plain","required":true}},"description_kind":"plain"},"max_items":1},"uri_path":{"nesting_mode":"list","block":{"description_kind":"plain"},"max_items":1}},"description_kind":"plain"},"max_items":1},"text_transformation":{"nesting_mode":"set","block":{"attributes":{"priority":{"type":"number","description_kind":"plain","required":true},"type":{"type":"string","description_kind":"plain","required":true}},"description_kind":"plain"},"min_items":1}},"description_kind":"plain"},"max_items":1},"sqli_match_statement":{"nesting_mode":"list","block":{"block_types":{"field_to_match":{"nesting_mode":"list","block":{"block_types":{"all_query_arguments":{"nesting_mode":"list","block":{"description_kind":"plain"},"max_items":1},"body":{"nesting_mode":"list","block":{"description_kind":"plain"},"max_items":1},"method":{"nesting_mode":"list","block":{"description_kind":"plain"},"max_items":1},"query_string":{"nesting_mode":"list","block":{"description_kind":"plain"},"max_items":1},"single_header":{"nesting_mode":"list","block":{"attributes":{"name":{"type":"string","description_kind":"plain","required":true}},"description_kind":"plain"},"max_items":1},"single_query_argument":{"nesting_mode":"list","block":{"attributes":{"name":{"type":"string","description_kind":"plain","required":true}},"description_kind":"plain"},"max_items":1},"uri_path":{"nesting_mode":"list","block":{"description_kind":"plain"},"max_items":1}},"description_kind":"plain"},"max_items":1},"text_transformation":{"nesting_mode":"set","block":{"attributes":{"priority":{"type":"number","description_kind":"plain","required":true},"type":{"type":"string","description_kind":"plain","required":true}},"description_kind":"plain"},"min_items":1}},"description_kind":"plain"},"max_items":1},"xss_match_statement":{"nesting_mode":"list","block":{"block_types":{"field_to_match":{"nesting_mode":"list","block":{"block_types":{"all_query_arguments":{"nesting_mode":"list","block":{"description_kind":"plain"},"max_items":1},"body":{"nesting_mode":"list","block":{"description_kind":"plain"},"max_items":1},"method":{"nesting_mode":"list","block":{"description_kind":"plain"},"max_items":1},"query_string":{"nesting_mode":"list","block":{"description_kind":"plain"},"max_items":1},"single_header":{"nesting_mode":"list","block":{"attributes":{"name":{"type":"string","description_kind":"plain","required":true}},"description_kind":"plain"},"max_items":1},"single_query_argument":{"nesting_mode":"list","block":{"attributes":{"name":{"type":"string","description_kind":"plain","required":true}},"description_kind":"plain"},"max_items":1},"uri_path":{"nesting_mode":"list","block":{"description_kind":"plain"},"max_items":1}},"description_kind":"plain"},"max_items":1},"text_transformation":{"nesting_mode":"set","block":{"attributes":{"priority":{"type":"number","description_kind":"plain","required":true},"type":{"type":"string","description_kind":"plain","required":true}},"description_kind":"plain"},"min_items":1}},"description_kind":"plain"},"max_items":1}},"description_kind":"plain"},"min_items":1}},"description_kind":"plain"},"max_items":1},"byte_match_statement":{"nesting_mode":"list","block":{"attributes":{"positional_constraint":{"type":"string","description_kind":"plain","required":true},"search_string":{"type":"string","description_kind":"plain","required":true}},"block_types":{"field_to_match":{"nesting_mode":"list","block":{"block_types":{"all_query_arguments":{"nesting_mode":"list","block":{"description_kind":"plain"},"max_items":1},"body":{"nesting_mode":"list","block":{"description_kind":"plain"},"max_items":1},"method":{"nesting_mode":"list","block":{"description_kind":"plain"},"max_items":1},"query_string":{"nesting_mode":"list","block":{"description_kind":"plain"},"max_items":1},"single_header":{"nesting_mode":"list","block":{"attributes":{"name":{"type":"string","description_kind":"plain","required":true}},"description_kind":"plain"},"max_items":1},"single_query_argument":{"nesting_mode":"list","block":{"attributes":{"name":{"type":"string","description_kind":"plain","required":true}},"description_kind":"plain"},"max_items":1},"uri_path":{"nesting_mode":"list","block":{"description_kind":"plain"},"max_items":1}},"description_kind":"plain"},"max_items":1},"text_transformation":{"nesting_mode":"set","block":{"attributes":{"priority":{"type":"number","description_kind":"plain","required":true},"type":{"type":"string","description_kind":"plain","required":true}},"description_kind":"plain"},"min_items":1}},"description_kind":"plain"},"max_items":1},"geo_match_statement":{"nesting_mode":"list","block":{"attributes":{"country_codes":{"type":["list","string"],"description_kind":"plain","required":true}},"block_types":{"forwarded_ip_config":{"nesting_mode":"list","block":{"attributes":{"fallback_behavior":{"type":"string","description_kind":"plain","required":true},"header_name":{"type":"string","description_kind":"plain","required":true}},"description_kind":"plain"},"max_items":1}},"description_kind":"plain"},"max_items":1},"ip_set_reference_statement":{"nesting_mode":"list","block":{"attributes":{"arn":{"type":"string","description_kind":"plain","required":true}},"block_types":{"ip_set_forwarded_ip_config":{"nesting_mode":"list","block":{"attributes":{"fallback_behavior":{"type":"string","description_kind":"plain","required":true},"header_name":{"type":"string","description_kind":"plain","required":true},"position":{"type":"string","description_kind":"plain","required":true}},"description_kind":"plain"},"max_items":1}},"description_kind":"plain"},"max_items":1},"not_statement":{"nesting_mode":"list","block":{"block_types":{"statement":{"nesting_mode":"list","block":{"block_types":{"byte_match_statement":{"nesting_mode":"list","block":{"attributes":{"positional_constraint":{"type":"string","description_kind":"plain","required":true},"search_string":{"type":"string","description_kind":"plain","required":true}},"block_types":{"field_to_match":{"nesting_mode":"list","block":{"block_types":{"all_query_arguments":{"nesting_mode":"list","block":{"description_kind":"plain"},"max_items":1},"body":{"nesting_mode":"list","block":{"description_kind":"plain"},"max_items":1},"method":{"nesting_mode":"list","block":{"description_kind":"plain"},"max_items":1},"query_string":{"nesting_mode":"list","block":{"description_kind":"plain"},"max_items":1},"single_header":{"nesting_mode":"list","block":{"attributes":{"name":{"type":"string","description_kind":"plain","required":true}},"description_kind":"plain"},"max_items":1},"single_query_argument":{"nesting_mode":"list","block":{"attributes":{"name":{"type":"string","description_kind":"plain","required":true}},"description_kind":"plain"},"max_items":1},"uri_path":{"nesting_mode":"list","block":{"description_kind":"plain"},"max_items":1}},"description_kind":"plain"},"max_items":1},"text_transformation":{"nesting_mode":"set","block":{"attributes":{"priority":{"type":"number","description_kind":"plain","required":true},"type":{"type":"string","description_kind":"plain","required":true}},"description_kind":"plain"},"min_items":1}},"description_kind":"plain"},"max_items":1},"geo_match_statement":{"nesting_mode":"list","block":{"attributes":{"country_codes":{"type":["list","string"],"description_kind":"plain","required":true}},"block_types":{"forwarded_ip_config":{"nesting_mode":"list","block":{"attributes":{"fallback_behavior":{"type":"string","description_kind":"plain","required":true},"header_name":{"type":"string","description_kind":"plain","required":true}},"description_kind":"plain"},"max_items":1}},"description_kind":"plain"},"max_items":1},"ip_set_reference_statement":{"nesting_mode":"list","block":{"attributes":{"arn":{"type":"string","description_kind":"plain","required":true}},"block_types":{"ip_set_forwarded_ip_config":{"nesting_mode":"list","block":{"attributes":{"fallback_behavior":{"type":"string","description_kind":"plain","required":true},"header_name":{"type":"string","description_kind":"plain","required":true},"position":{"type":"string","description_kind":"plain","required":true}},"description_kind":"plain"},"max_items":1}},"description_kind":"plain"},"max_items":1},"regex_pattern_set_reference_statement":{"nesting_mode":"list","block":{"attributes":{"arn":{"type":"string","description_kind":"plain","required":true}},"block_types":{"field_to_match":{"nesting_mode":"list","block":{"block_types":{"all_query_arguments":{"nesting_mode":"list","block":{"description_kind":"plain"},"max_items":1},"body":{"nesting_mode":"list","block":{"description_kind":"plain"},"max_items":1},"method":{"nesting_mode":"list","block":{"description_kind":"plain"},"max_items":1},"query_string":{"nesting_mode":"list","block":{"description_kind":"plain"},"max_items":1},"single_header":{"nesting_mode":"list","block":{"attributes":{"name":{"type":"string","description_kind":"plain","required":true}},"description_kind":"plain"},"max_items":1},"single_query_argument":{"nesting_mode":"list","block":{"attributes":{"name":{"type":"string","description_kind":"plain","required":true}},"description_kind":"plain"},"max_items":1},"uri_path":{"nesting_mode":"list","block":{"description_kind":"plain"},"max_items":1}},"description_kind":"plain"},"max_items":1},"text_transformation":{"nesting_mode":"set","block":{"attributes":{"priority":{"type":"number","description_kind":"plain","required":true},"type":{"type":"string","description_kind":"plain","required":true}},"description_kind":"plain"},"min_items":1}},"description_kind":"plain"},"max_items":1},"size_constraint_statement":{"nesting_mode":"list","block":{"attributes":{"comparison_operator":{"type":"string","description_kind":"plain","required":true},"size":{"type":"number","description_kind":"plain","required":true}},"block_types":{"field_to_match":{"nesting_mode":"list","block":{"block_types":{"all_query_arguments":{"nesting_mode":"list","block":{"description_kind":"plain"},"max_items":1},"body":{"nesting_mode":"list","block":{"description_kind":"plain"},"max_items":1},"method":{"nesting_mode":"list","block":{"description_kind":"plain"},"max_items":1},"query_string":{"nesting_mode":"list","block":{"description_kind":"plain"},"max_items":1},"single_header":{"nesting_mode":"list","block":{"attributes":{"name":{"type":"string","description_kind":"plain","required":true}},"description_kind":"plain"},"max_items":1},"single_query_argument":{"nesting_mode":"list","block":{"attributes":{"name":{"type":"string","description_kind":"plain","required":true}},"description_kind":"plain"},"max_items":1},"uri_path":{"nesting_mode":"list","block":{"description_kind":"plain"},"max_items":1}},"description_kind":"plain"},"max_items":1},"text_transformation":{"nesting_mode":"set","block":{"attributes":{"priority":{"type":"number","description_kind":"plain","required":true},"type":{"type":"string","description_kind":"plain","required":true}},"description_kind":"plain"},"min_items":1}},"description_kind":"plain"},"max_items":1},"sqli_match_statement":{"nesting_mode":"list","block":{"block_types":{"field_to_match":{"nesting_mode":"list","block":{"block_types":{"all_query_arguments":{"nesting_mode":"list","block":{"description_kind":"plain"},"max_items":1},"body":{"nesting_mode":"list","block":{"description_kind":"plain"},"max_items":1},"method":{"nesting_mode":"list","block":{"description_kind":"plain"},"max_items":1},"query_string":{"nesting_mode":"list","block":{"description_kind":"plain"},"max_items":1},"single_header":{"nesting_mode":"list","block":{"attributes":{"name":{"type":"string","description_kind":"plain","required":true}},"description_kind":"plain"},"max_items":1},"single_query_argument":{"nesting_mode":"list","block":{"attributes":{"name":{"type":"string","description_kind":"plain","required":true}},"description_kind":"plain"},"max_items":1},"uri_path":{"nesting_mode":"list","block":{"description_kind":"plain"},"max_items":1}},"description_kind":"plain"},"max_items":1},"text_transformation":{"nesting_mode":"set","block":{"attributes":{"priority":{"type":"number","description_kind":"plain","required":true},"type":{"type":"string","description_kind":"plain","required":true}},"description_kind":"plain"},"min_items":1}},"description_kind":"plain"},"max_items":1},"xss_match_statement":{"nesting_mode":"list","block":{"block_types":{"field_to_match":{"nesting_mode":"list","block":{"block_types":{"all_query_arguments":{"nesting_mode":"list","block":{"description_kind":"plain"},"max_items":1},"body":{"nesting_mode":"list","block":{"description_kind":"plain"},"max_items":1},"method":{"nesting_mode":"list","block":{"description_kind":"plain"},"max_items":1},"query_string":{"nesting_mode":"list","block":{"description_kind":"plain"},"max_items":1},"single_header":{"nesting_mode":"list","block":{"attributes":{"name":{"type":"string","description_kind":"plain","required":true}},"description_kind":"plain"},"max_items":1},"single_query_argument":{"nesting_mode":"list","block":{"attributes":{"name":{"type":"string","description_kind":"plain","required":true}},"description_kind":"plain"},"max_items":1},"uri_path":{"nesting_mode":"list","block":{"description_kind":"plain"},"max_items":1}},"description_kind":"plain"},"max_items":1},"text_transformation":{"nesting_mode":"set","block":{"attributes":{"priority":{"type":"number","description_kind":"plain","required":true},"type":{"type":"string","description_kind":"plain","required":true}},"description_kind":"plain"},"min_items":1}},"description_kind":"plain"},"max_items":1}},"description_kind":"plain"},"min_items":1}},"description_kind":"plain"},"max_items":1},"or_statement":{"nesting_mode":"list","block":{"block_types":{"statement":{"nesting_mode":"list","block":{"block_types":{"byte_match_statement":{"nesting_mode":"list","block":{"attributes":{"positional_constraint":{"type":"string","description_kind":"plain","required":true},"search_string":{"type":"string","description_kind":"plain","required":true}},"block_types":{"field_to_match":{"nesting_mode":"list","block":{"block_types":{"all_query_arguments":{"nesting_mode":"list","block":{"description_kind":"plain"},"max_items":1},"body":{"nesting_mode":"list","block":{"description_kind":"plain"},"max_items":1},"method":{"nesting_mode":"list","block":{"description_kind":"plain"},"max_items":1},"query_string":{"nesting_mode":"list","block":{"description_kind":"plain"},"max_items":1},"single_header":{"nesting_mode":"list","block":{"attributes":{"name":{"type":"string","description_kind":"plain","required":true}},"description_kind":"plain"},"max_items":1},"single_query_argument":{"nesting_mode":"list","block":{"attributes":{"name":{"type":"string","description_kind":"plain","required":true}},"description_kind":"plain"},"max_items":1},"uri_path":{"nesting_mode":"list","block":{"description_kind":"plain"},"max_items":1}},"description_kind":"plain"},"max_items":1},"text_transformation":{"nesting_mode":"set","block":{"attributes":{"priority":{"type":"number","description_kind":"plain","required":true},"type":{"type":"string","description_kind":"plain","required":true}},"description_kind":"plain"},"min_items":1}},"description_kind":"plain"},"max_items":1},"geo_match_statement":{"nesting_mode":"list","block":{"attributes":{"country_codes":{"type":["list","string"],"description_kind":"plain","required":true}},"block_types":{"forwarded_ip_config":{"nesting_mode":"list","block":{"attributes":{"fallback_behavior":{"type":"string","description_kind":"plain","required":true},"header_name":{"type":"string","description_kind":"plain","required":true}},"description_kind":"plain"},"max_items":1}},"description_kind":"plain"},"max_items":1},"ip_set_reference_statement":{"nesting_mode":"list","block":{"attributes":{"arn":{"type":"string","description_kind":"plain","required":true}},"block_types":{"ip_set_forwarded_ip_config":{"nesting_mode":"list","block":{"attributes":{"fallback_behavior":{"type":"string","description_kind":"plain","required":true},"header_name":{"type":"string","description_kind":"plain","required":true},"position":{"type":"string","description_kind":"plain","required":true}},"description_kind":"plain"},"max_items":1}},"description_kind":"plain"},"max_items":1},"regex_pattern_set_reference_statement":{"nesting_mode":"list","block":{"attributes":{"arn":{"type":"string","description_kind":"plain","required":true}},"block_types":{"field_to_match":{"nesting_mode":"list","block":{"block_types":{"all_query_arguments":{"nesting_mode":"list","block":{"description_kind":"plain"},"max_items":1},"body":{"nesting_mode":"list","block":{"description_kind":"plain"},"max_items":1},"method":{"nesting_mode":"list","block":{"description_kind":"plain"},"max_items":1},"query_string":{"nesting_mode":"list","block":{"description_kind":"plain"},"max_items":1},"single_header":{"nesting_mode":"list","block":{"attributes":{"name":{"type":"string","description_kind":"plain","required":true}},"description_kind":"plain"},"max_items":1},"single_query_argument":{"nesting_mode":"list","block":{"attributes":{"name":{"type":"string","description_kind":"plain","required":true}},"description_kind":"plain"},"max_items":1},"uri_path":{"nesting_mode":"list","block":{"description_kind":"plain"},"max_items":1}},"description_kind":"plain"},"max_items":1},"text_transformation":{"nesting_mode":"set","block":{"attributes":{"priority":{"type":"number","description_kind":"plain","required":true},"type":{"type":"string","description_kind":"plain","required":true}},"description_kind":"plain"},"min_items":1}},"description_kind":"plain"},"max_items":1},"size_constraint_statement":{"nesting_mode":"list","block":{"attributes":{"comparison_operator":{"type":"string","description_kind":"plain","required":true},"size":{"type":"number","description_kind":"plain","required":true}},"block_types":{"field_to_match":{"nesting_mode":"list","block":{"block_types":{"all_query_arguments":{"nesting_mode":"list","block":{"description_kind":"plain"},"max_items":1},"body":{"nesting_mode":"list","block":{"description_kind":"plain"},"max_items":1},"method":{"nesting_mode":"list","block":{"description_kind":"plain"},"max_items":1},"query_string":{"nesting_mode":"list","block":{"description_kind":"plain"},"max_items":1},"single_header":{"nesting_mode":"list","block":{"attributes":{"name":{"type":"string","description_kind":"plain","required":true}},"description_kind":"plain"},"max_items":1},"single_query_argument":{"nesting_mode":"list","block":{"attributes":{"name":{"type":"string","description_kind":"plain","required":true}},"description_kind":"plain"},"max_items":1},"uri_path":{"nesting_mode":"list","block":{"description_kind":"plain"},"max_items":1}},"description_kind":"plain"},"max_items":1},"text_transformation":{"nesting_mode":"set","block":{"attributes":{"priority":{"type":"number","description_kind":"plain","required":true},"type":{"type":"string","description_kind":"plain","required":true}},"description_kind":"plain"},"min_items":1}},"description_kind":"plain"},"max_items":1},"sqli_match_statement":{"nesting_mode":"list","block":{"block_types":{"field_to_match":{"nesting_mode":"list","block":{"block_types":{"all_query_arguments":{"nesting_mode":"list","block":{"description_kind":"plain"},"max_items":1},"body":{"nesting_mode":"list","block":{"description_kind":"plain"},"max_items":1},"method":{"nesting_mode":"list","block":{"description_kind":"plain"},"max_items":1},"query_string":{"nesting_mode":"list","block":{"description_kind":"plain"},"max_items":1},"single_header":{"nesting_mode":"list","block":{"attributes":{"name":{"type":"string","description_kind":"plain","required":true}},"description_kind":"plain"},"max_items":1},"single_query_argument":{"nesting_mode":"list","block":{"attributes":{"name":{"type":"string","description_kind":"plain","required":true}},"description_kind":"plain"},"max_items":1},"uri_path":{"nesting_mode":"list","block":{"description_kind":"plain"},"max_items":1}},"description_kind":"plain"},"max_items":1},"text_transformation":{"nesting_mode":"set","block":{"attributes":{"priority":{"type":"number","description_kind":"plain","required":true},"type":{"type":"string","description_kind":"plain","required":true}},"description_kind":"plain"},"min_items":1}},"description_kind":"plain"},"max_items":1},"xss_match_statement":{"nesting_mode":"list","block":{"block_types":{"field_to_match":{"nesting_mode":"list","block":{"block_types":{"all_query_arguments":{"nesting_mode":"list","block":{"description_kind":"plain"},"max_items":1},"body":{"nesting_mode":"list","block":{"description_kind":"plain"},"max_items":1},"method":{"nesting_mode":"list","block":{"description_kind":"plain"},"max_items":1},"query_string":{"nesting_mode":"list","block":{"description_kind":"plain"},"max_items":1},"single_header":{"nesting_mode":"list","block":{"attributes":{"name":{"type":"string","description_kind":"plain","required":true}},"description_kind":"plain"},"max_items":1},"single_query_argument":{"nesting_mode":"list","block":{"attributes":{"name":{"type":"string","description_kind":"plain","required":true}},"description_kind":"plain"},"max_items":1},"uri_path":{"nesting_mode":"list","block":{"description_kind":"plain"},"max_items":1}},"description_kind":"plain"},"max_items":1},"text_transformation":{"nesting_mode":"set","block":{"attributes":{"priority":{"type":"number","description_kind":"plain","required":true},"type":{"type":"string","description_kind":"plain","required":true}},"description_kind":"plain"},"min_items":1}},"description_kind":"plain"},"max_items":1}},"description_kind":"plain"},"min_items":1}},"description_kind":"plain"},"max_items":1},"regex_pattern_set_reference_statement":{"nesting_mode":"list","block":{"attributes":{"arn":{"type":"string","description_kind":"plain","required":true}},"block_types":{"field_to_match":{"nesting_mode":"list","block":{"block_types":{"all_query_arguments":{"nesting_mode":"list","block":{"description_kind":"plain"},"max_items":1},"body":{"nesting_mode":"list","block":{"description_kind":"plain"},"max_items":1},"method":{"nesting_mode":"list","block":{"description_kind":"plain"},"max_items":1},"query_string":{"nesting_mode":"list","block":{"description_kind":"plain"},"max_items":1},"single_header":{"nesting_mode":"list","block":{"attributes":{"name":{"type":"string","description_kind":"plain","required":true}},"description_kind":"plain"},"max_items":1},"single_query_argument":{"nesting_mode":"list","block":{"attributes":{"name":{"type":"string","description_kind":"plain","required":true}},"description_kind":"plain"},"max_items":1},"uri_path":{"nesting_mode":"list","block":{"description_kind":"plain"},"max_items":1}},"description_kind":"plain"},"max_items":1},"text_transformation":{"nesting_mode":"set","block":{"attributes":{"priority":{"type":"number","description_kind":"plain","required":true},"type":{"type":"string","description_kind":"plain","required":true}},"description_kind":"plain"},"min_items":1}},"description_kind":"plain"},"max_items":1},"size_constraint_statement":{"nesting_mode":"list","block":{"attributes":{"comparison_operator":{"type":"string","description_kind":"plain","required":true},"size":{"type":"number","description_kind":"plain","required":true}},"block_types":{"field_to_match":{"nesting_mode":"list","block":{"block_types":{"all_query_arguments":{"nesting_mode":"list","block":{"description_kind":"plain"},"max_items":1},"body":{"nesting_mode":"list","block":{"description_kind":"plain"},"max_items":1},"method":{"nesting_mode":"list","block":{"description_kind":"plain"},"max_items":1},"query_string":{"nesting_mode":"list","block":{"description_kind":"plain"},"max_items":1},"single_header":{"nesting_mode":"list","block":{"attributes":{"name":{"type":"string","description_kind":"plain","required":true}},"description_kind":"plain"},"max_items":1},"single_query_argument":{"nesting_mode":"list","block":{"attributes":{"name":{"type":"string","description_kind":"plain","required":true}},"description_kind":"plain"},"max_items":1},"uri_path":{"nesting_mode":"list","block":{"description_kind":"plain"},"max_items":1}},"description_kind":"plain"},"max_items":1},"text_transformation":{"nesting_mode":"set","block":{"attributes":{"priority":{"type":"number","description_kind":"plain","required":true},"type":{"type":"string","description_kind":"plain","required":true}},"description_kind":"plain"},"min_items":1}},"description_kind":"plain"},"max_items":1},"sqli_match_statement":{"nesting_mode":"list","block":{"block_types":{"field_to_match":{"nesting_mode":"list","block":{"block_types":{"all_query_arguments":{"nesting_mode":"list","block":{"description_kind":"plain"},"max_items":1},"body":{"nesting_mode":"list","block":{"description_kind":"plain"},"max_items":1},"method":{"nesting_mode":"list","block":{"description_kind":"plain"},"max_items":1},"query_string":{"nesting_mode":"list","block":{"description_kind":"plain"},"max_items":1},"single_header":{"nesting_mode":"list","block":{"attributes":{"name":{"type":"string","description_kind":"plain","required":true}},"description_kind":"plain"},"max_items":1},"single_query_argument":{"nesting_mode":"list","block":{"attributes":{"name":{"type":"string","description_kind":"plain","required":true}},"description_kind":"plain"},"max_items":1},"uri_path":{"nesting_mode":"list","block":{"description_kind":"plain"},"max_items":1}},"description_kind":"plain"},"max_items":1},"text_transformation":{"nesting_mode":"set","block":{"attributes":{"priority":{"type":"number","description_kind":"plain","required":true},"type":{"type":"string","description_kind":"plain","required":true}},"description_kind":"plain"},"min_items":1}},"description_kind":"plain"},"max_items":1},"xss_match_statement":{"nesting_mode":"list","block":{"block_types":{"field_to_match":{"nesting_mode":"list","block":{"block_types":{"all_query_arguments":{"nesting_mode":"list","block":{"description_kind":"plain"},"max_items":1},"body":{"nesting_mode":"list","block":{"description_kind":"plain"},"max_items":1},"method":{"nesting_mode":"list","block":{"description_kind":"plain"},"max_items":1},"query_string":{"nesting_mode":"list","block":{"description_kind":"plain"},"max_items":1},"single_header":{"nesting_mode":"list","block":{"attributes":{"name":{"type":"string","description_kind":"plain","required":true}},"description_kind":"plain"},"max_items":1},"single_query_argument":{"nesting_mode":"list","block":{"attributes":{"name":{"type":"string","description_kind":"plain","required":true}},"description_kind":"plain"},"max_items":1},"uri_path":{"nesting_mode":"list","block":{"description_kind":"plain"},"max_items":1}},"description_kind":"plain"},"max_items":1},"text_transformation":{"nesting_mode":"set","block":{"attributes":{"priority":{"type":"number","description_kind":"plain","required":true},"type":{"type":"string","description_kind":"plain","required":true}},"description_kind":"plain"},"min_items":1}},"description_kind":"plain"},"max_items":1}},"description_kind":"plain"},"min_items":1}},"description_kind":"plain"},"max_items":1},"regex_pattern_set_reference_statement":{"nesting_mode":"list","block":{"attributes":{"arn":{"type":"string","description_kind":"plain","required":true}},"block_types":{"field_to_match":{"nesting_mode":"list","block":{"block_types":{"all_query_arguments":{"nesting_mode":"list","block":{"description_kind":"plain"},"max_items":1},"body":{"nesting_mode":"list","block":{"description_kind":"plain"},"max_items":1},"method":{"nesting_mode":"list","block":{"description_kind":"plain"},"max_items":1},"query_string":{"nesting_mode":"list","block":{"description_kind":"plain"},"max_items":1},"single_header":{"nesting_mode":"list","block":{"attributes":{"name":{"type":"string","description_kind":"plain","required":true}},"description_kind":"plain"},"max_items":1},"single_query_argument":{"nesting_mode":"list","block":{"attributes":{"name":{"type":"string","description_kind":"plain","required":true}},"description_kind":"plain"},"max_items":1},"uri_path":{"nesting_mode":"list","block":{"description_kind":"plain"},"max_items":1}},"description_kind":"plain"},"max_items":1},"text_transformation":{"nesting_mode":"set","block":{"attributes":{"priority":{"type":"number","description_kind":"plain","required":true},"type":{"type":"string","description_kind":"plain","required":true}},"description_kind":"plain"},"min_items":1}},"description_kind":"plain"},"max_items":1},"size_constraint_statement":{"nesting_mode":"list","block":{"attributes":{"comparison_operator":{"type":"string","description_kind":"plain","required":true},"size":{"type":"number","description_kind":"plain","required":true}},"block_types":{"field_to_match":{"nesting_mode":"list","block":{"block_types":{"all_query_arguments":{"nesting_mode":"list","block":{"description_kind":"plain"},"max_items":1},"body":{"nesting_mode":"list","block":{"description_kind":"plain"},"max_items":1},"method":{"nesting_mode":"list","block":{"description_kind":"plain"},"max_items":1},"query_string":{"nesting_mode":"list","block":{"description_kind":"plain"},"max_items":1},"single_header":{"nesting_mode":"list","block":{"attributes":{"name":{"type":"string","description_kind":"plain","required":true}},"description_kind":"plain"},"max_items":1},"single_query_argument":{"nesting_mode":"list","block":{"attributes":{"name":{"type":"string","description_kind":"plain","required":true}},"description_kind":"plain"},"max_items":1},"uri_path":{"nesting_mode":"list","block":{"description_kind":"plain"},"max_items":1}},"description_kind":"plain"},"max_items":1},"text_transformation":{"nesting_mode":"set","block":{"attributes":{"priority":{"type":"number","description_kind":"plain","required":true},"type":{"type":"string","description_kind":"plain","required":true}},"description_kind":"plain"},"min_items":1}},"description_kind":"plain"},"max_items":1},"sqli_match_statement":{"nesting_mode":"list","block":{"block_types":{"field_to_match":{"nesting_mode":"list","block":{"block_types":{"all_query_arguments":{"nesting_mode":"list","block":{"description_kind":"plain"},"max_items":1},"body":{"nesting_mode":"list","block":{"description_kind":"plain"},"max_items":1},"method":{"nesting_mode":"list","block":{"description_kind":"plain"},"max_items":1},"query_string":{"nesting_mode":"list","block":{"description_kind":"plain"},"max_items":1},"single_header":{"nesting_mode":"list","block":{"attributes":{"name":{"type":"string","description_kind":"plain","required":true}},"description_kind":"plain"},"max_items":1},"single_query_argument":{"nesting_mode":"list","block":{"attributes":{"name":{"type":"string","description_kind":"plain","required":true}},"description_kind":"plain"},"max_items":1},"uri_path":{"nesting_mode":"list","block":{"description_kind":"plain"},"max_items":1}},"description_kind":"plain"},"max_items":1},"text_transformation":{"nesting_mode":"set","block":{"attributes":{"priority":{"type":"number","description_kind":"plain","required":true},"type":{"type":"string","description_kind":"plain","required":true}},"description_kind":"plain"},"min_items":1}},"description_kind":"plain"},"max_items":1},"xss_match_statement":{"nesting_mode":"list","block":{"block_types":{"field_to_match":{"nesting_mode":"list","block":{"block_types":{"all_query_arguments":{"nesting_mode":"list","block":{"description_kind":"plain"},"max_items":1},"body":{"nesting_mode":"list","block":{"description_kind":"plain"},"max_items":1},"method":{"nesting_mode":"list","block":{"description_kind":"plain"},"max_items":1},"query_string":{"nesting_mode":"list","block":{"description_kind":"plain"},"max_items":1},"single_header":{"nesting_mode":"list","block":{"attributes":{"name":{"type":"string","description_kind":"plain","required":true}},"description_kind":"plain"},"max_items":1},"single_query_argument":{"nesting_mode":"list","block":{"attributes":{"name":{"type":"string","description_kind":"plain","required":true}},"description_kind":"plain"},"max_items":1},"uri_path":{"nesting_mode":"list","block":{"description_kind":"plain"},"max_items":1}},"description_kind":"plain"},"max_items":1},"text_transformation":{"nesting_mode":"set","block":{"attributes":{"priority":{"type":"number","description_kind":"plain","required":true},"type":{"type":"string","description_kind":"plain","required":true}},"description_kind":"plain"},"min_items":1}},"description_kind":"plain"},"max_items":1}},"description_kind":"plain"},"min_items":1}},"description_kind":"plain"},"max_items":1},"byte_match_statement":{"nesting_mode":"list","block":{"attributes":{"positional_constraint":{"type":"string","description_kind":"plain","required":true},"search_string":{"type":"string","description_kind":"plain","required":true}},"block_types":{"field_to_match":{"nesting_mode":"list","block":{"block_types":{"all_query_arguments":{"nesting_mode":"list","block":{"description_kind":"plain"},"max_items":1},"body":{"nesting_mode":"list","block":{"description_kind":"plain"},"max_items":1},"method":{"nesting_mode":"list","block":{"description_kind":"plain"},"max_items":1},"query_string":{"nesting_mode":"list","block":{"description_kind":"plain"},"max_items":1},"single_header":{"nesting_mode":"list","block":{"attributes":{"name":{"type":"string","description_kind":"plain","required":true}},"description_kind":"plain"},"max_items":1},"single_query_argument":{"nesting_mode":"list","block":{"attributes":{"name":{"type":"string","description_kind":"plain","required":true}},"description_kind":"plain"},"max_items":1},"uri_path":{"nesting_mode":"list","block":{"description_kind":"plain"},"max_items":1}},"description_kind":"plain"},"max_items":1},"text_transformation":{"nesting_mode":"set","block":{"attributes":{"priority":{"type":"number","description_kind":"plain","required":true},"type":{"type":"string","description_kind":"plain","required":true}},"description_kind":"plain"},"min_items":1}},"description_kind":"plain"},"max_items":1},"geo_match_statement":{"nesting_mode":"list","block":{"attributes":{"country_codes":{"type":["list","string"],"description_kind":"plain","required":true}},"block_types":{"forwarded_ip_config":{"nesting_mode":"list","block":{"attributes":{"fallback_behavior":{"type":"string","description_kind":"plain","required":true},"header_name":{"type":"string","description_kind":"plain","required":true}},"description_kind":"plain"},"max_items":1}},"description_kind":"plain"},"max_items":1},"ip_set_reference_statement":{"nesting_mode":"list","block":{"attributes":{"arn":{"type":"string","description_kind":"plain","required":true}},"block_types":{"ip_set_forwarded_ip_config":{"nesting_mode":"list","block":{"attributes":{"fallback_behavior":{"type":"string","description_kind":"plain","required":true},"header_name":{"type":"string","description_kind":"plain","required":true},"position":{"type":"string","description_kind":"plain","required":true}},"description_kind":"plain"},"max_items":1}},"description_kind":"plain"},"max_items":1},"managed_rule_group_statement":{"nesting_mode":"list","block":{"attributes":{"name":{"type":"string","description_kind":"plain","required":true},"vendor_name":{"type":"string","description_kind":"plain","required":true}},"block_types":{"excluded_rule":{"nesting_mode":"list","block":{"attributes":{"name":{"type":"string","description_kind":"plain","required":true}},"description_kind":"plain"}}},"description_kind":"plain"},"max_items":1},"not_statement":{"nesting_mode":"list","block":{"block_types":{"statement":{"nesting_mode":"list","block":{"block_types":{"and_statement":{"nesting_mode":"list","block":{"block_types":{"statement":{"nesting_mode":"list","block":{"block_types":{"and_statement":{"nesting_mode":"list","block":{"block_types":{"statement":{"nesting_mode":"list","block":{"block_types":{"byte_match_statement":{"nesting_mode":"list","block":{"attributes":{"positional_constraint":{"type":"string","description_kind":"plain","required":true},"search_string":{"type":"string","description_kind":"plain","required":true}},"block_types":{"field_to_match":{"nesting_mode":"list","block":{"block_types":{"all_query_arguments":{"nesting_mode":"list","block":{"description_kind":"plain"},"max_items":1},"body":{"nesting_mode":"list","block":{"description_kind":"plain"},"max_items":1},"method":{"nesting_mode":"list","block":{"description_kind":"plain"},"max_items":1},"query_string":{"nesting_mode":"list","block":{"description_kind":"plain"},"max_items":1},"single_header":{"nesting_mode":"list","block":{"attributes":{"name":{"type":"string","description_kind":"plain","required":true}},"description_kind":"plain"},"max_items":1},"single_query_argument":{"nesting_mode":"list","block":{"attributes":{"name":{"type":"string","description_kind":"plain","required":true}},"description_kind":"plain"},"max_items":1},"uri_path":{"nesting_mode":"list","block":{"description_kind":"plain"},"max_items":1}},"description_kind":"plain"},"max_items":1},"text_transformation":{"nesting_mode":"set","block":{"attributes":{"priority":{"type":"number","description_kind":"plain","required":true},"type":{"type":"string","description_kind":"plain","required":true}},"description_kind":"plain"},"min_items":1}},"description_kind":"plain"},"max_items":1},"geo_match_statement":{"nesting_mode":"list","block":{"attributes":{"country_codes":{"type":["list","string"],"description_kind":"plain","required":true}},"block_types":{"forwarded_ip_config":{"nesting_mode":"list","block":{"attributes":{"fallback_behavior":{"type":"string","description_kind":"plain","required":true},"header_name":{"type":"string","description_kind":"plain","required":true}},"description_kind":"plain"},"max_items":1}},"description_kind":"plain"},"max_items":1},"ip_set_reference_statement":{"nesting_mode":"list","block":{"attributes":{"arn":{"type":"string","description_kind":"plain","required":true}},"block_types":{"ip_set_forwarded_ip_config":{"nesting_mode":"list","block":{"attributes":{"fallback_behavior":{"type":"string","description_kind":"plain","required":true},"header_name":{"type":"string","description_kind":"plain","required":true},"position":{"type":"string","description_kind":"plain","required":true}},"description_kind":"plain"},"max_items":1}},"description_kind":"plain"},"max_items":1},"regex_pattern_set_reference_statement":{"nesting_mode":"list","block":{"attributes":{"arn":{"type":"string","description_kind":"plain","required":true}},"block_types":{"field_to_match":{"nesting_mode":"list","block":{"block_types":{"all_query_arguments":{"nesting_mode":"list","block":{"description_kind":"plain"},"max_items":1},"body":{"nesting_mode":"list","block":{"description_kind":"plain"},"max_items":1},"method":{"nesting_mode":"list","block":{"description_kind":"plain"},"max_items":1},"query_string":{"nesting_mode":"list","block":{"description_kind":"plain"},"max_items":1},"single_header":{"nesting_mode":"list","block":{"attributes":{"name":{"type":"string","description_kind":"plain","required":true}},"description_kind":"plain"},"max_items":1},"single_query_argument":{"nesting_mode":"list","block":{"attributes":{"name":{"type":"string","description_kind":"plain","required":true}},"description_kind":"plain"},"max_items":1},"uri_path":{"nesting_mode":"list","block":{"description_kind":"plain"},"max_items":1}},"description_kind":"plain"},"max_items":1},"text_transformation":{"nesting_mode":"set","block":{"attributes":{"priority":{"type":"number","description_kind":"plain","required":true},"type":{"type":"string","description_kind":"plain","required":true}},"description_kind":"plain"},"min_items":1}},"description_kind":"plain"},"max_items":1},"size_constraint_statement":{"nesting_mode":"list","block":{"attributes":{"comparison_operator":{"type":"string","description_kind":"plain","required":true},"size":{"type":"number","description_kind":"plain","required":true}},"block_types":{"field_to_match":{"nesting_mode":"list","block":{"block_types":{"all_query_arguments":{"nesting_mode":"list","block":{"description_kind":"plain"},"max_items":1},"body":{"nesting_mode":"list","block":{"description_kind":"plain"},"max_items":1},"method":{"nesting_mode":"list","block":{"description_kind":"plain"},"max_items":1},"query_string":{"nesting_mode":"list","block":{"description_kind":"plain"},"max_items":1},"single_header":{"nesting_mode":"list","block":{"attributes":{"name":{"type":"string","description_kind":"plain","required":true}},"description_kind":"plain"},"max_items":1},"single_query_argument":{"nesting_mode":"list","block":{"attributes":{"name":{"type":"string","description_kind":"plain","required":true}},"description_kind":"plain"},"max_items":1},"uri_path":{"nesting_mode":"list","block":{"description_kind":"plain"},"max_items":1}},"description_kind":"plain"},"max_items":1},"text_transformation":{"nesting_mode":"set","block":{"attributes":{"priority":{"type":"number","description_kind":"plain","required":true},"type":{"type":"string","description_kind":"plain","required":true}},"description_kind":"plain"},"min_items":1}},"description_kind":"plain"},"max_items":1},"sqli_match_statement":{"nesting_mode":"list","block":{"block_types":{"field_to_match":{"nesting_mode":"list","block":{"block_types":{"all_query_arguments":{"nesting_mode":"list","block":{"description_kind":"plain"},"max_items":1},"body":{"nesting_mode":"list","block":{"description_kind":"plain"},"max_items":1},"method":{"nesting_mode":"list","block":{"description_kind":"plain"},"max_items":1},"query_string":{"nesting_mode":"list","block":{"description_kind":"plain"},"max_items":1},"single_header":{"nesting_mode":"list","block":{"attributes":{"name":{"type":"string","description_kind":"plain","required":true}},"description_kind":"plain"},"max_items":1},"single_query_argument":{"nesting_mode":"list","block":{"attributes":{"name":{"type":"string","description_kind":"plain","required":true}},"description_kind":"plain"},"max_items":1},"uri_path":{"nesting_mode":"list","block":{"description_kind":"plain"},"max_items":1}},"description_kind":"plain"},"max_items":1},"text_transformation":{"nesting_mode":"set","block":{"attributes":{"priority":{"type":"number","description_kind":"plain","required":true},"type":{"type":"string","description_kind":"plain","required":true}},"description_kind":"plain"},"min_items":1}},"description_kind":"plain"},"max_items":1},"xss_match_statement":{"nesting_mode":"list","block":{"block_types":{"field_to_match":{"nesting_mode":"list","block":{"block_types":{"all_query_arguments":{"nesting_mode":"list","block":{"description_kind":"plain"},"max_items":1},"body":{"nesting_mode":"list","block":{"description_kind":"plain"},"max_items":1},"method":{"nesting_mode":"list","block":{"description_kind":"plain"},"max_items":1},"query_string":{"nesting_mode":"list","block":{"description_kind":"plain"},"max_items":1},"single_header":{"nesting_mode":"list","block":{"attributes":{"name":{"type":"string","description_kind":"plain","required":true}},"description_kind":"plain"},"max_items":1},"single_query_argument":{"nesting_mode":"list","block":{"attributes":{"name":{"type":"string","description_kind":"plain","required":true}},"description_kind":"plain"},"max_items":1},"uri_path":{"nesting_mode":"list","block":{"description_kind":"plain"},"max_items":1}},"description_kind":"plain"},"max_items":1},"text_transformation":{"nesting_mode":"set","block":{"attributes":{"priority":{"type":"number","description_kind":"plain","required":true},"type":{"type":"string","description_kind":"plain","required":true}},"description_kind":"plain"},"min_items":1}},"description_kind":"plain"},"max_items":1}},"description_kind":"plain"},"min_items":1}},"description_kind":"plain"},"max_items":1},"byte_match_statement":{"nesting_mode":"list","block":{"attributes":{"positional_constraint":{"type":"string","description_kind":"plain","required":true},"search_string":{"type":"string","description_kind":"plain","required":true}},"block_types":{"field_to_match":{"nesting_mode":"list","block":{"block_types":{"all_query_arguments":{"nesting_mode":"list","block":{"description_kind":"plain"},"max_items":1},"body":{"nesting_mode":"list","block":{"description_kind":"plain"},"max_items":1},"method":{"nesting_mode":"list","block":{"description_kind":"plain"},"max_items":1},"query_string":{"nesting_mode":"list","block":{"description_kind":"plain"},"max_items":1},"single_header":{"nesting_mode":"list","block":{"attributes":{"name":{"type":"string","description_kind":"plain","required":true}},"description_kind":"plain"},"max_items":1},"single_query_argument":{"nesting_mode":"list","block":{"attributes":{"name":{"type":"string","description_kind":"plain","required":true}},"description_kind":"plain"},"max_items":1},"uri_path":{"nesting_mode":"list","block":{"description_kind":"plain"},"max_items":1}},"description_kind":"plain"},"max_items":1},"text_transformation":{"nesting_mode":"set","block":{"attributes":{"priority":{"type":"number","description_kind":"plain","required":true},"type":{"type":"string","description_kind":"plain","required":true}},"description_kind":"plain"},"min_items":1}},"description_kind":"plain"},"max_items":1},"geo_match_statement":{"nesting_mode":"list","block":{"attributes":{"country_codes":{"type":["list","string"],"description_kind":"plain","required":true}},"block_types":{"forwarded_ip_config":{"nesting_mode":"list","block":{"attributes":{"fallback_behavior":{"type":"string","description_kind":"plain","required":true},"header_name":{"type":"string","description_kind":"plain","required":true}},"description_kind":"plain"},"max_items":1}},"description_kind":"plain"},"max_items":1},"ip_set_reference_statement":{"nesting_mode":"list","block":{"attributes":{"arn":{"type":"string","description_kind":"plain","required":true}},"block_types":{"ip_set_forwarded_ip_config":{"nesting_mode":"list","block":{"attributes":{"fallback_behavior":{"type":"string","description_kind":"plain","required":true},"header_name":{"type":"string","description_kind":"plain","required":true},"position":{"type":"string","description_kind":"plain","required":true}},"description_kind":"plain"},"max_items":1}},"description_kind":"plain"},"max_items":1},"not_statement":{"nesting_mode":"list","block":{"block_types":{"statement":{"nesting_mode":"list","block":{"block_types":{"byte_match_statement":{"nesting_mode":"list","block":{"attributes":{"positional_constraint":{"type":"string","description_kind":"plain","required":true},"search_string":{"type":"string","description_kind":"plain","required":true}},"block_types":{"field_to_match":{"nesting_mode":"list","block":{"block_types":{"all_query_arguments":{"nesting_mode":"list","block":{"description_kind":"plain"},"max_items":1},"body":{"nesting_mode":"list","block":{"description_kind":"plain"},"max_items":1},"method":{"nesting_mode":"list","block":{"description_kind":"plain"},"max_items":1},"query_string":{"nesting_mode":"list","block":{"description_kind":"plain"},"max_items":1},"single_header":{"nesting_mode":"list","block":{"attributes":{"name":{"type":"string","description_kind":"plain","required":true}},"description_kind":"plain"},"max_items":1},"single_query_argument":{"nesting_mode":"list","block":{"attributes":{"name":{"type":"string","description_kind":"plain","required":true}},"description_kind":"plain"},"max_items":1},"uri_path":{"nesting_mode":"list","block":{"description_kind":"plain"},"max_items":1}},"description_kind":"plain"},"max_items":1},"text_transformation":{"nesting_mode":"set","block":{"attributes":{"priority":{"type":"number","description_kind":"plain","required":true},"type":{"type":"string","description_kind":"plain","required":true}},"description_kind":"plain"},"min_items":1}},"description_kind":"plain"},"max_items":1},"geo_match_statement":{"nesting_mode":"list","block":{"attributes":{"country_codes":{"type":["list","string"],"description_kind":"plain","required":true}},"block_types":{"forwarded_ip_config":{"nesting_mode":"list","block":{"attributes":{"fallback_behavior":{"type":"string","description_kind":"plain","required":true},"header_name":{"type":"string","description_kind":"plain","required":true}},"description_kind":"plain"},"max_items":1}},"description_kind":"plain"},"max_items":1},"ip_set_reference_statement":{"nesting_mode":"list","block":{"attributes":{"arn":{"type":"string","description_kind":"plain","required":true}},"block_types":{"ip_set_forwarded_ip_config":{"nesting_mode":"list","block":{"attributes":{"fallback_behavior":{"type":"string","description_kind":"plain","required":true},"header_name":{"type":"string","description_kind":"plain","required":true},"position":{"type":"string","description_kind":"plain","required":true}},"description_kind":"plain"},"max_items":1}},"description_kind":"plain"},"max_items":1},"regex_pattern_set_reference_statement":{"nesting_mode":"list","block":{"attributes":{"arn":{"type":"string","description_kind":"plain","required":true}},"block_types":{"field_to_match":{"nesting_mode":"list","block":{"block_types":{"all_query_arguments":{"nesting_mode":"list","block":{"description_kind":"plain"},"max_items":1},"body":{"nesting_mode":"list","block":{"description_kind":"plain"},"max_items":1},"method":{"nesting_mode":"list","block":{"description_kind":"plain"},"max_items":1},"query_string":{"nesting_mode":"list","block":{"description_kind":"plain"},"max_items":1},"single_header":{"nesting_mode":"list","block":{"attributes":{"name":{"type":"string","description_kind":"plain","required":true}},"description_kind":"plain"},"max_items":1},"single_query_argument":{"nesting_mode":"list","block":{"attributes":{"name":{"type":"string","description_kind":"plain","required":true}},"description_kind":"plain"},"max_items":1},"uri_path":{"nesting_mode":"list","block":{"description_kind":"plain"},"max_items":1}},"description_kind":"plain"},"max_items":1},"text_transformation":{"nesting_mode":"set","block":{"attributes":{"priority":{"type":"number","description_kind":"plain","required":true},"type":{"type":"string","description_kind":"plain","required":true}},"description_kind":"plain"},"min_items":1}},"description_kind":"plain"},"max_items":1},"size_constraint_statement":{"nesting_mode":"list","block":{"attributes":{"comparison_operator":{"type":"string","description_kind":"plain","required":true},"size":{"type":"number","description_kind":"plain","required":true}},"block_types":{"field_to_match":{"nesting_mode":"list","block":{"block_types":{"all_query_arguments":{"nesting_mode":"list","block":{"description_kind":"plain"},"max_items":1},"body":{"nesting_mode":"list","block":{"description_kind":"plain"},"max_items":1},"method":{"nesting_mode":"list","block":{"description_kind":"plain"},"max_items":1},"query_string":{"nesting_mode":"list","block":{"description_kind":"plain"},"max_items":1},"single_header":{"nesting_mode":"list","block":{"attributes":{"name":{"type":"string","description_kind":"plain","required":true}},"description_kind":"plain"},"max_items":1},"single_query_argument":{"nesting_mode":"list","block":{"attributes":{"name":{"type":"string","description_kind":"plain","required":true}},"description_kind":"plain"},"max_items":1},"uri_path":{"nesting_mode":"list","block":{"description_kind":"plain"},"max_items":1}},"description_kind":"plain"},"max_items":1},"text_transformation":{"nesting_mode":"set","block":{"attributes":{"priority":{"type":"number","description_kind":"plain","required":true},"type":{"type":"string","description_kind":"plain","required":true}},"description_kind":"plain"},"min_items":1}},"description_kind":"plain"},"max_items":1},"sqli_match_statement":{"nesting_mode":"list","block":{"block_types":{"field_to_match":{"nesting_mode":"list","block":{"block_types":{"all_query_arguments":{"nesting_mode":"list","block":{"description_kind":"plain"},"max_items":1},"body":{"nesting_mode":"list","block":{"description_kind":"plain"},"max_items":1},"method":{"nesting_mode":"list","block":{"description_kind":"plain"},"max_items":1},"query_string":{"nesting_mode":"list","block":{"description_kind":"plain"},"max_items":1},"single_header":{"nesting_mode":"list","block":{"attributes":{"name":{"type":"string","description_kind":"plain","required":true}},"description_kind":"plain"},"max_items":1},"single_query_argument":{"nesting_mode":"list","block":{"attributes":{"name":{"type":"string","description_kind":"plain","required":true}},"description_kind":"plain"},"max_items":1},"uri_path":{"nesting_mode":"list","block":{"description_kind":"plain"},"max_items":1}},"description_kind":"plain"},"max_items":1},"text_transformation":{"nesting_mode":"set","block":{"attributes":{"priority":{"type":"number","description_kind":"plain","required":true},"type":{"type":"string","description_kind":"plain","required":true}},"description_kind":"plain"},"min_items":1}},"description_kind":"plain"},"max_items":1},"xss_match_statement":{"nesting_mode":"list","block":{"block_types":{"field_to_match":{"nesting_mode":"list","block":{"block_types":{"all_query_arguments":{"nesting_mode":"list","block":{"description_kind":"plain"},"max_items":1},"body":{"nesting_mode":"list","block":{"description_kind":"plain"},"max_items":1},"method":{"nesting_mode":"list","block":{"description_kind":"plain"},"max_items":1},"query_string":{"nesting_mode":"list","block":{"description_kind":"plain"},"max_items":1},"single_header":{"nesting_mode":"list","block":{"attributes":{"name":{"type":"string","description_kind":"plain","required":true}},"description_kind":"plain"},"max_items":1},"single_query_argument":{"nesting_mode":"list","block":{"attributes":{"name":{"type":"string","description_kind":"plain","required":true}},"description_kind":"plain"},"max_items":1},"uri_path":{"nesting_mode":"list","block":{"description_kind":"plain"},"max_items":1}},"description_kind":"plain"},"max_items":1},"text_transformation":{"nesting_mode":"set","block":{"attributes":{"priority":{"type":"number","description_kind":"plain","required":true},"type":{"type":"string","description_kind":"plain","required":true}},"description_kind":"plain"},"min_items":1}},"description_kind":"plain"},"max_items":1}},"description_kind":"plain"},"min_items":1}},"description_kind":"plain"},"max_items":1},"or_statement":{"nesting_mode":"list","block":{"block_types":{"statement":{"nesting_mode":"list","block":{"block_types":{"byte_match_statement":{"nesting_mode":"list","block":{"attributes":{"positional_constraint":{"type":"string","description_kind":"plain","required":true},"search_string":{"type":"string","description_kind":"plain","required":true}},"block_types":{"field_to_match":{"nesting_mode":"list","block":{"block_types":{"all_query_arguments":{"nesting_mode":"list","block":{"description_kind":"plain"},"max_items":1},"body":{"nesting_mode":"list","block":{"description_kind":"plain"},"max_items":1},"method":{"nesting_mode":"list","block":{"description_kind":"plain"},"max_items":1},"query_string":{"nesting_mode":"list","block":{"description_kind":"plain"},"max_items":1},"single_header":{"nesting_mode":"list","block":{"attributes":{"name":{"type":"string","description_kind":"plain","required":true}},"description_kind":"plain"},"max_items":1},"single_query_argument":{"nesting_mode":"list","block":{"attributes":{"name":{"type":"string","description_kind":"plain","required":true}},"description_kind":"plain"},"max_items":1},"uri_path":{"nesting_mode":"list","block":{"description_kind":"plain"},"max_items":1}},"description_kind":"plain"},"max_items":1},"text_transformation":{"nesting_mode":"set","block":{"attributes":{"priority":{"type":"number","description_kind":"plain","required":true},"type":{"type":"string","description_kind":"plain","required":true}},"description_kind":"plain"},"min_items":1}},"description_kind":"plain"},"max_items":1},"geo_match_statement":{"nesting_mode":"list","block":{"attributes":{"country_codes":{"type":["list","string"],"description_kind":"plain","required":true}},"block_types":{"forwarded_ip_config":{"nesting_mode":"list","block":{"attributes":{"fallback_behavior":{"type":"string","description_kind":"plain","required":true},"header_name":{"type":"string","description_kind":"plain","required":true}},"description_kind":"plain"},"max_items":1}},"description_kind":"plain"},"max_items":1},"ip_set_reference_statement":{"nesting_mode":"list","block":{"attributes":{"arn":{"type":"string","description_kind":"plain","required":true}},"block_types":{"ip_set_forwarded_ip_config":{"nesting_mode":"list","block":{"attributes":{"fallback_behavior":{"type":"string","description_kind":"plain","required":true},"header_name":{"type":"string","description_kind":"plain","required":true},"position":{"type":"string","description_kind":"plain","required":true}},"description_kind":"plain"},"max_items":1}},"description_kind":"plain"},"max_items":1},"regex_pattern_set_reference_statement":{"nesting_mode":"list","block":{"attributes":{"arn":{"type":"string","description_kind":"plain","required":true}},"block_types":{"field_to_match":{"nesting_mode":"list","block":{"block_types":{"all_query_arguments":{"nesting_mode":"list","block":{"description_kind":"plain"},"max_items":1},"body":{"nesting_mode":"list","block":{"description_kind":"plain"},"max_items":1},"method":{"nesting_mode":"list","block":{"description_kind":"plain"},"max_items":1},"query_string":{"nesting_mode":"list","block":{"description_kind":"plain"},"max_items":1},"single_header":{"nesting_mode":"list","block":{"attributes":{"name":{"type":"string","description_kind":"plain","required":true}},"description_kind":"plain"},"max_items":1},"single_query_argument":{"nesting_mode":"list","block":{"attributes":{"name":{"type":"string","description_kind":"plain","required":true}},"description_kind":"plain"},"max_items":1},"uri_path":{"nesting_mode":"list","block":{"description_kind":"plain"},"max_items":1}},"description_kind":"plain"},"max_items":1},"text_transformation":{"nesting_mode":"set","block":{"attributes":{"priority":{"type":"number","description_kind":"plain","required":true},"type":{"type":"string","description_kind":"plain","required":true}},"description_kind":"plain"},"min_items":1}},"description_kind":"plain"},"max_items":1},"size_constraint_statement":{"nesting_mode":"list","block":{"attributes":{"comparison_operator":{"type":"string","description_kind":"plain","required":true},"size":{"type":"number","description_kind":"plain","required":true}},"block_types":{"field_to_match":{"nesting_mode":"list","block":{"block_types":{"all_query_arguments":{"nesting_mode":"list","block":{"description_kind":"plain"},"max_items":1},"body":{"nesting_mode":"list","block":{"description_kind":"plain"},"max_items":1},"method":{"nesting_mode":"list","block":{"description_kind":"plain"},"max_items":1},"query_string":{"nesting_mode":"list","block":{"description_kind":"plain"},"max_items":1},"single_header":{"nesting_mode":"list","block":{"attributes":{"name":{"type":"string","description_kind":"plain","required":true}},"description_kind":"plain"},"max_items":1},"single_query_argument":{"nesting_mode":"list","block":{"attributes":{"name":{"type":"string","description_kind":"plain","required":true}},"description_kind":"plain"},"max_items":1},"uri_path":{"nesting_mode":"list","block":{"description_kind":"plain"},"max_items":1}},"description_kind":"plain"},"max_items":1},"text_transformation":{"nesting_mode":"set","block":{"attributes":{"priority":{"type":"number","description_kind":"plain","required":true},"type":{"type":"string","description_kind":"plain","required":true}},"description_kind":"plain"},"min_items":1}},"description_kind":"plain"},"max_items":1},"sqli_match_statement":{"nesting_mode":"list","block":{"block_types":{"field_to_match":{"nesting_mode":"list","block":{"block_types":{"all_query_arguments":{"nesting_mode":"list","block":{"description_kind":"plain"},"max_items":1},"body":{"nesting_mode":"list","block":{"description_kind":"plain"},"max_items":1},"method":{"nesting_mode":"list","block":{"description_kind":"plain"},"max_items":1},"query_string":{"nesting_mode":"list","block":{"description_kind":"plain"},"max_items":1},"single_header":{"nesting_mode":"list","block":{"attributes":{"name":{"type":"string","description_kind":"plain","required":true}},"description_kind":"plain"},"max_items":1},"single_query_argument":{"nesting_mode":"list","block":{"attributes":{"name":{"type":"string","description_kind":"plain","required":true}},"description_kind":"plain"},"max_items":1},"uri_path":{"nesting_mode":"list","block":{"description_kind":"plain"},"max_items":1}},"description_kind":"plain"},"max_items":1},"text_transformation":{"nesting_mode":"set","block":{"attributes":{"priority":{"type":"number","description_kind":"plain","required":true},"type":{"type":"string","description_kind":"plain","required":true}},"description_kind":"plain"},"min_items":1}},"description_kind":"plain"},"max_items":1},"xss_match_statement":{"nesting_mode":"list","block":{"block_types":{"field_to_match":{"nesting_mode":"list","block":{"block_types":{"all_query_arguments":{"nesting_mode":"list","block":{"description_kind":"plain"},"max_items":1},"body":{"nesting_mode":"list","block":{"description_kind":"plain"},"max_items":1},"method":{"nesting_mode":"list","block":{"description_kind":"plain"},"max_items":1},"query_string":{"nesting_mode":"list","block":{"description_kind":"plain"},"max_items":1},"single_header":{"nesting_mode":"list","block":{"attributes":{"name":{"type":"string","description_kind":"plain","required":true}},"description_kind":"plain"},"max_items":1},"single_query_argument":{"nesting_mode":"list","block":{"attributes":{"name":{"type":"string","description_kind":"plain","required":true}},"description_kind":"plain"},"max_items":1},"uri_path":{"nesting_mode":"list","block":{"description_kind":"plain"},"max_items":1}},"description_kind":"plain"},"max_items":1},"text_transformation":{"nesting_mode":"set","block":{"attributes":{"priority":{"type":"number","description_kind":"plain","required":true},"type":{"type":"string","description_kind":"plain","required":true}},"description_kind":"plain"},"min_items":1}},"description_kind":"plain"},"max_items":1}},"description_kind":"plain"},"min_items":1}},"description_kind":"plain"},"max_items":1},"regex_pattern_set_reference_statement":{"nesting_mode":"list","block":{"attributes":{"arn":{"type":"string","description_kind":"plain","required":true}},"block_types":{"field_to_match":{"nesting_mode":"list","block":{"block_types":{"all_query_arguments":{"nesting_mode":"list","block":{"description_kind":"plain"},"max_items":1},"body":{"nesting_mode":"list","block":{"description_kind":"plain"},"max_items":1},"method":{"nesting_mode":"list","block":{"description_kind":"plain"},"max_items":1},"query_string":{"nesting_mode":"list","block":{"description_kind":"plain"},"max_items":1},"single_header":{"nesting_mode":"list","block":{"attributes":{"name":{"type":"string","description_kind":"plain","required":true}},"description_kind":"plain"},"max_items":1},"single_query_argument":{"nesting_mode":"list","block":{"attributes":{"name":{"type":"string","description_kind":"plain","required":true}},"description_kind":"plain"},"max_items":1},"uri_path":{"nesting_mode":"list","block":{"description_kind":"plain"},"max_items":1}},"description_kind":"plain"},"max_items":1},"text_transformation":{"nesting_mode":"set","block":{"attributes":{"priority":{"type":"number","description_kind":"plain","required":true},"type":{"type":"string","description_kind":"plain","required":true}},"description_kind":"plain"},"min_items":1}},"description_kind":"plain"},"max_items":1},"size_constraint_statement":{"nesting_mode":"list","block":{"attributes":{"comparison_operator":{"type":"string","description_kind":"plain","required":true},"size":{"type":"number","description_kind":"plain","required":true}},"block_types":{"field_to_match":{"nesting_mode":"list","block":{"block_types":{"all_query_arguments":{"nesting_mode":"list","block":{"description_kind":"plain"},"max_items":1},"body":{"nesting_mode":"list","block":{"description_kind":"plain"},"max_items":1},"method":{"nesting_mode":"list","block":{"description_kind":"plain"},"max_items":1},"query_string":{"nesting_mode":"list","block":{"description_kind":"plain"},"max_items":1},"single_header":{"nesting_mode":"list","block":{"attributes":{"name":{"type":"string","description_kind":"plain","required":true}},"description_kind":"plain"},"max_items":1},"single_query_argument":{"nesting_mode":"list","block":{"attributes":{"name":{"type":"string","description_kind":"plain","required":true}},"description_kind":"plain"},"max_items":1},"uri_path":{"nesting_mode":"list","block":{"description_kind":"plain"},"max_items":1}},"description_kind":"plain"},"max_items":1},"text_transformation":{"nesting_mode":"set","block":{"attributes":{"priority":{"type":"number","description_kind":"plain","required":true},"type":{"type":"string","description_kind":"plain","required":true}},"description_kind":"plain"},"min_items":1}},"description_kind":"plain"},"max_items":1},"sqli_match_statement":{"nesting_mode":"list","block":{"block_types":{"field_to_match":{"nesting_mode":"list","block":{"block_types":{"all_query_arguments":{"nesting_mode":"list","block":{"description_kind":"plain"},"max_items":1},"body":{"nesting_mode":"list","block":{"description_kind":"plain"},"max_items":1},"method":{"nesting_mode":"list","block":{"description_kind":"plain"},"max_items":1},"query_string":{"nesting_mode":"list","block":{"description_kind":"plain"},"max_items":1},"single_header":{"nesting_mode":"list","block":{"attributes":{"name":{"type":"string","description_kind":"plain","required":true}},"description_kind":"plain"},"max_items":1},"single_query_argument":{"nesting_mode":"list","block":{"attributes":{"name":{"type":"string","description_kind":"plain","required":true}},"description_kind":"plain"},"max_items":1},"uri_path":{"nesting_mode":"list","block":{"description_kind":"plain"},"max_items":1}},"description_kind":"plain"},"max_items":1},"text_transformation":{"nesting_mode":"set","block":{"attributes":{"priority":{"type":"number","description_kind":"plain","required":true},"type":{"type":"string","description_kind":"plain","required":true}},"description_kind":"plain"},"min_items":1}},"description_kind":"plain"},"max_items":1},"xss_match_statement":{"nesting_mode":"list","block":{"block_types":{"field_to_match":{"nesting_mode":"list","block":{"block_types":{"all_query_arguments":{"nesting_mode":"list","block":{"description_kind":"plain"},"max_items":1},"body":{"nesting_mode":"list","block":{"description_kind":"plain"},"max_items":1},"method":{"nesting_mode":"list","block":{"description_kind":"plain"},"max_items":1},"query_string":{"nesting_mode":"list","block":{"description_kind":"plain"},"max_items":1},"single_header":{"nesting_mode":"list","block":{"attributes":{"name":{"type":"string","description_kind":"plain","required":true}},"description_kind":"plain"},"max_items":1},"single_query_argument":{"nesting_mode":"list","block":{"attributes":{"name":{"type":"string","description_kind":"plain","required":true}},"description_kind":"plain"},"max_items":1},"uri_path":{"nesting_mode":"list","block":{"description_kind":"plain"},"max_items":1}},"description_kind":"plain"},"max_items":1},"text_transformation":{"nesting_mode":"set","block":{"attributes":{"priority":{"type":"number","description_kind":"plain","required":true},"type":{"type":"string","description_kind":"plain","required":true}},"description_kind":"plain"},"min_items":1}},"description_kind":"plain"},"max_items":1}},"description_kind":"plain"},"min_items":1}},"description_kind":"plain"},"max_items":1},"byte_match_statement":{"nesting_mode":"list","block":{"attributes":{"positional_constraint":{"type":"string","description_kind":"plain","required":true},"search_string":{"type":"string","description_kind":"plain","required":true}},"block_types":{"field_to_match":{"nesting_mode":"list","block":{"block_types":{"all_query_arguments":{"nesting_mode":"list","block":{"description_kind":"plain"},"max_items":1},"body":{"nesting_mode":"list","block":{"description_kind":"plain"},"max_items":1},"method":{"nesting_mode":"list","block":{"description_kind":"plain"},"max_items":1},"query_string":{"nesting_mode":"list","block":{"description_kind":"plain"},"max_items":1},"single_header":{"nesting_mode":"list","block":{"attributes":{"name":{"type":"string","description_kind":"plain","required":true}},"description_kind":"plain"},"max_items":1},"single_query_argument":{"nesting_mode":"list","block":{"attributes":{"name":{"type":"string","description_kind":"plain","required":true}},"description_kind":"plain"},"max_items":1},"uri_path":{"nesting_mode":"list","block":{"description_kind":"plain"},"max_items":1}},"description_kind":"plain"},"max_items":1},"text_transformation":{"nesting_mode":"set","block":{"attributes":{"priority":{"type":"number","description_kind":"plain","required":true},"type":{"type":"string","description_kind":"plain","required":true}},"description_kind":"plain"},"min_items":1}},"description_kind":"plain"},"max_items":1},"geo_match_statement":{"nesting_mode":"list","block":{"attributes":{"country_codes":{"type":["list","string"],"description_kind":"plain","required":true}},"block_types":{"forwarded_ip_config":{"nesting_mode":"list","block":{"attributes":{"fallback_behavior":{"type":"string","description_kind":"plain","required":true},"header_name":{"type":"string","description_kind":"plain","required":true}},"description_kind":"plain"},"max_items":1}},"description_kind":"plain"},"max_items":1},"ip_set_reference_statement":{"nesting_mode":"list","block":{"attributes":{"arn":{"type":"string","description_kind":"plain","required":true}},"block_types":{"ip_set_forwarded_ip_config":{"nesting_mode":"list","block":{"attributes":{"fallback_behavior":{"type":"string","description_kind":"plain","required":true},"header_name":{"type":"string","description_kind":"plain","required":true},"position":{"type":"string","description_kind":"plain","required":true}},"description_kind":"plain"},"max_items":1}},"description_kind":"plain"},"max_items":1},"not_statement":{"nesting_mode":"list","block":{"block_types":{"statement":{"nesting_mode":"list","block":{"block_types":{"and_statement":{"nesting_mode":"list","block":{"block_types":{"statement":{"nesting_mode":"list","block":{"block_types":{"byte_match_statement":{"nesting_mode":"list","block":{"attributes":{"positional_constraint":{"type":"string","description_kind":"plain","required":true},"search_string":{"type":"string","description_kind":"plain","required":true}},"block_types":{"field_to_match":{"nesting_mode":"list","block":{"block_types":{"all_query_arguments":{"nesting_mode":"list","block":{"description_kind":"plain"},"max_items":1},"body":{"nesting_mode":"list","block":{"description_kind":"plain"},"max_items":1},"method":{"nesting_mode":"list","block":{"description_kind":"plain"},"max_items":1},"query_string":{"nesting_mode":"list","block":{"description_kind":"plain"},"max_items":1},"single_header":{"nesting_mode":"list","block":{"attributes":{"name":{"type":"string","description_kind":"plain","required":true}},"description_kind":"plain"},"max_items":1},"single_query_argument":{"nesting_mode":"list","block":{"attributes":{"name":{"type":"string","description_kind":"plain","required":true}},"description_kind":"plain"},"max_items":1},"uri_path":{"nesting_mode":"list","block":{"description_kind":"plain"},"max_items":1}},"description_kind":"plain"},"max_items":1},"text_transformation":{"nesting_mode":"set","block":{"attributes":{"priority":{"type":"number","description_kind":"plain","required":true},"type":{"type":"string","description_kind":"plain","required":true}},"description_kind":"plain"},"min_items":1}},"description_kind":"plain"},"max_items":1},"geo_match_statement":{"nesting_mode":"list","block":{"attributes":{"country_codes":{"type":["list","string"],"description_kind":"plain","required":true}},"block_types":{"forwarded_ip_config":{"nesting_mode":"list","block":{"attributes":{"fallback_behavior":{"type":"string","description_kind":"plain","required":true},"header_name":{"type":"string","description_kind":"plain","required":true}},"description_kind":"plain"},"max_items":1}},"description_kind":"plain"},"max_items":1},"ip_set_reference_statement":{"nesting_mode":"list","block":{"attributes":{"arn":{"type":"string","description_kind":"plain","required":true}},"block_types":{"ip_set_forwarded_ip_config":{"nesting_mode":"list","block":{"attributes":{"fallback_behavior":{"type":"string","description_kind":"plain","required":true},"header_name":{"type":"string","description_kind":"plain","required":true},"position":{"type":"string","description_kind":"plain","required":true}},"description_kind":"plain"},"max_items":1}},"description_kind":"plain"},"max_items":1},"regex_pattern_set_reference_statement":{"nesting_mode":"list","block":{"attributes":{"arn":{"type":"string","description_kind":"plain","required":true}},"block_types":{"field_to_match":{"nesting_mode":"list","block":{"block_types":{"all_query_arguments":{"nesting_mode":"list","block":{"description_kind":"plain"},"max_items":1},"body":{"nesting_mode":"list","block":{"description_kind":"plain"},"max_items":1},"method":{"nesting_mode":"list","block":{"description_kind":"plain"},"max_items":1},"query_string":{"nesting_mode":"list","block":{"description_kind":"plain"},"max_items":1},"single_header":{"nesting_mode":"list","block":{"attributes":{"name":{"type":"string","description_kind":"plain","required":true}},"description_kind":"plain"},"max_items":1},"single_query_argument":{"nesting_mode":"list","block":{"attributes":{"name":{"type":"string","description_kind":"plain","required":true}},"description_kind":"plain"},"max_items":1},"uri_path":{"nesting_mode":"list","block":{"description_kind":"plain"},"max_items":1}},"description_kind":"plain"},"max_items":1},"text_transformation":{"nesting_mode":"set","block":{"attributes":{"priority":{"type":"number","description_kind":"plain","required":true},"type":{"type":"string","description_kind":"plain","required":true}},"description_kind":"plain"},"min_items":1}},"description_kind":"plain"},"max_items":1},"size_constraint_statement":{"nesting_mode":"list","block":{"attributes":{"comparison_operator":{"type":"string","description_kind":"plain","required":true},"size":{"type":"number","description_kind":"plain","required":true}},"block_types":{"field_to_match":{"nesting_mode":"list","block":{"block_types":{"all_query_arguments":{"nesting_mode":"list","block":{"description_kind":"plain"},"max_items":1},"body":{"nesting_mode":"list","block":{"description_kind":"plain"},"max_items":1},"method":{"nesting_mode":"list","block":{"description_kind":"plain"},"max_items":1},"query_string":{"nesting_mode":"list","block":{"description_kind":"plain"},"max_items":1},"single_header":{"nesting_mode":"list","block":{"attributes":{"name":{"type":"string","description_kind":"plain","required":true}},"description_kind":"plain"},"max_items":1},"single_query_argument":{"nesting_mode":"list","block":{"attributes":{"name":{"type":"string","description_kind":"plain","required":true}},"description_kind":"plain"},"max_items":1},"uri_path":{"nesting_mode":"list","block":{"description_kind":"plain"},"max_items":1}},"description_kind":"plain"},"max_items":1},"text_transformation":{"nesting_mode":"set","block":{"attributes":{"priority":{"type":"number","description_kind":"plain","required":true},"type":{"type":"string","description_kind":"plain","required":true}},"description_kind":"plain"},"min_items":1}},"description_kind":"plain"},"max_items":1},"sqli_match_statement":{"nesting_mode":"list","block":{"block_types":{"field_to_match":{"nesting_mode":"list","block":{"block_types":{"all_query_arguments":{"nesting_mode":"list","block":{"description_kind":"plain"},"max_items":1},"body":{"nesting_mode":"list","block":{"description_kind":"plain"},"max_items":1},"method":{"nesting_mode":"list","block":{"description_kind":"plain"},"max_items":1},"query_string":{"nesting_mode":"list","block":{"description_kind":"plain"},"max_items":1},"single_header":{"nesting_mode":"list","block":{"attributes":{"name":{"type":"string","description_kind":"plain","required":true}},"description_kind":"plain"},"max_items":1},"single_query_argument":{"nesting_mode":"list","block":{"attributes":{"name":{"type":"string","description_kind":"plain","required":true}},"description_kind":"plain"},"max_items":1},"uri_path":{"nesting_mode":"list","block":{"description_kind":"plain"},"max_items":1}},"description_kind":"plain"},"max_items":1},"text_transformation":{"nesting_mode":"set","block":{"attributes":{"priority":{"type":"number","description_kind":"plain","required":true},"type":{"type":"string","description_kind":"plain","required":true}},"description_kind":"plain"},"min_items":1}},"description_kind":"plain"},"max_items":1},"xss_match_statement":{"nesting_mode":"list","block":{"block_types":{"field_to_match":{"nesting_mode":"list","block":{"block_types":{"all_query_arguments":{"nesting_mode":"list","block":{"description_kind":"plain"},"max_items":1},"body":{"nesting_mode":"list","block":{"description_kind":"plain"},"max_items":1},"method":{"nesting_mode":"list","block":{"description_kind":"plain"},"max_items":1},"query_string":{"nesting_mode":"list","block":{"description_kind":"plain"},"max_items":1},"single_header":{"nesting_mode":"list","block":{"attributes":{"name":{"type":"string","description_kind":"plain","required":true}},"description_kind":"plain"},"max_items":1},"single_query_argument":{"nesting_mode":"list","block":{"attributes":{"name":{"type":"string","description_kind":"plain","required":true}},"description_kind":"plain"},"max_items":1},"uri_path":{"nesting_mode":"list","block":{"description_kind":"plain"},"max_items":1}},"description_kind":"plain"},"max_items":1},"text_transformation":{"nesting_mode":"set","block":{"attributes":{"priority":{"type":"number","description_kind":"plain","required":true},"type":{"type":"string","description_kind":"plain","required":true}},"description_kind":"plain"},"min_items":1}},"description_kind":"plain"},"max_items":1}},"description_kind":"plain"},"min_items":1}},"description_kind":"plain"},"max_items":1},"byte_match_statement":{"nesting_mode":"list","block":{"attributes":{"positional_constraint":{"type":"string","description_kind":"plain","required":true},"search_string":{"type":"string","description_kind":"plain","required":true}},"block_types":{"field_to_match":{"nesting_mode":"list","block":{"block_types":{"all_query_arguments":{"nesting_mode":"list","block":{"description_kind":"plain"},"max_items":1},"body":{"nesting_mode":"list","block":{"description_kind":"plain"},"max_items":1},"method":{"nesting_mode":"list","block":{"description_kind":"plain"},"max_items":1},"query_string":{"nesting_mode":"list","block":{"description_kind":"plain"},"max_items":1},"single_header":{"nesting_mode":"list","block":{"attributes":{"name":{"type":"string","description_kind":"plain","required":true}},"description_kind":"plain"},"max_items":1},"single_query_argument":{"nesting_mode":"list","block":{"attributes":{"name":{"type":"string","description_kind":"plain","required":true}},"description_kind":"plain"},"max_items":1},"uri_path":{"nesting_mode":"list","block":{"description_kind":"plain"},"max_items":1}},"description_kind":"plain"},"max_items":1},"text_transformation":{"nesting_mode":"set","block":{"attributes":{"priority":{"type":"number","description_kind":"plain","required":true},"type":{"type":"string","description_kind":"plain","required":true}},"description_kind":"plain"},"min_items":1}},"description_kind":"plain"},"max_items":1},"geo_match_statement":{"nesting_mode":"list","block":{"attributes":{"country_codes":{"type":["list","string"],"description_kind":"plain","required":true}},"block_types":{"forwarded_ip_config":{"nesting_mode":"list","block":{"attributes":{"fallback_behavior":{"type":"string","description_kind":"plain","required":true},"header_name":{"type":"string","description_kind":"plain","required":true}},"description_kind":"plain"},"max_items":1}},"description_kind":"plain"},"max_items":1},"ip_set_reference_statement":{"nesting_mode":"list","block":{"attributes":{"arn":{"type":"string","description_kind":"plain","required":true}},"block_types":{"ip_set_forwarded_ip_config":{"nesting_mode":"list","block":{"attributes":{"fallback_behavior":{"type":"string","description_kind":"plain","required":true},"header_name":{"type":"string","description_kind":"plain","required":true},"position":{"type":"string","description_kind":"plain","required":true}},"description_kind":"plain"},"max_items":1}},"description_kind":"plain"},"max_items":1},"not_statement":{"nesting_mode":"list","block":{"block_types":{"statement":{"nesting_mode":"list","block":{"block_types":{"byte_match_statement":{"nesting_mode":"list","block":{"attributes":{"positional_constraint":{"type":"string","description_kind":"plain","required":true},"search_string":{"type":"string","description_kind":"plain","required":true}},"block_types":{"field_to_match":{"nesting_mode":"list","block":{"block_types":{"all_query_arguments":{"nesting_mode":"list","block":{"description_kind":"plain"},"max_items":1},"body":{"nesting_mode":"list","block":{"description_kind":"plain"},"max_items":1},"method":{"nesting_mode":"list","block":{"description_kind":"plain"},"max_items":1},"query_string":{"nesting_mode":"list","block":{"description_kind":"plain"},"max_items":1},"single_header":{"nesting_mode":"list","block":{"attributes":{"name":{"type":"string","description_kind":"plain","required":true}},"description_kind":"plain"},"max_items":1},"single_query_argument":{"nesting_mode":"list","block":{"attributes":{"name":{"type":"string","description_kind":"plain","required":true}},"description_kind":"plain"},"max_items":1},"uri_path":{"nesting_mode":"list","block":{"description_kind":"plain"},"max_items":1}},"description_kind":"plain"},"max_items":1},"text_transformation":{"nesting_mode":"set","block":{"attributes":{"priority":{"type":"number","description_kind":"plain","required":true},"type":{"type":"string","description_kind":"plain","required":true}},"description_kind":"plain"},"min_items":1}},"description_kind":"plain"},"max_items":1},"geo_match_statement":{"nesting_mode":"list","block":{"attributes":{"country_codes":{"type":["list","string"],"description_kind":"plain","required":true}},"block_types":{"forwarded_ip_config":{"nesting_mode":"list","block":{"attributes":{"fallback_behavior":{"type":"string","description_kind":"plain","required":true},"header_name":{"type":"string","description_kind":"plain","required":true}},"description_kind":"plain"},"max_items":1}},"description_kind":"plain"},"max_items":1},"ip_set_reference_statement":{"nesting_mode":"list","block":{"attributes":{"arn":{"type":"string","description_kind":"plain","required":true}},"block_types":{"ip_set_forwarded_ip_config":{"nesting_mode":"list","block":{"attributes":{"fallback_behavior":{"type":"string","description_kind":"plain","required":true},"header_name":{"type":"string","description_kind":"plain","required":true},"position":{"type":"string","description_kind":"plain","required":true}},"description_kind":"plain"},"max_items":1}},"description_kind":"plain"},"max_items":1},"regex_pattern_set_reference_statement":{"nesting_mode":"list","block":{"attributes":{"arn":{"type":"string","description_kind":"plain","required":true}},"block_types":{"field_to_match":{"nesting_mode":"list","block":{"block_types":{"all_query_arguments":{"nesting_mode":"list","block":{"description_kind":"plain"},"max_items":1},"body":{"nesting_mode":"list","block":{"description_kind":"plain"},"max_items":1},"method":{"nesting_mode":"list","block":{"description_kind":"plain"},"max_items":1},"query_string":{"nesting_mode":"list","block":{"description_kind":"plain"},"max_items":1},"single_header":{"nesting_mode":"list","block":{"attributes":{"name":{"type":"string","description_kind":"plain","required":true}},"description_kind":"plain"},"max_items":1},"single_query_argument":{"nesting_mode":"list","block":{"attributes":{"name":{"type":"string","description_kind":"plain","required":true}},"description_kind":"plain"},"max_items":1},"uri_path":{"nesting_mode":"list","block":{"description_kind":"plain"},"max_items":1}},"description_kind":"plain"},"max_items":1},"text_transformation":{"nesting_mode":"set","block":{"attributes":{"priority":{"type":"number","description_kind":"plain","required":true},"type":{"type":"string","description_kind":"plain","required":true}},"description_kind":"plain"},"min_items":1}},"description_kind":"plain"},"max_items":1},"size_constraint_statement":{"nesting_mode":"list","block":{"attributes":{"comparison_operator":{"type":"string","description_kind":"plain","required":true},"size":{"type":"number","description_kind":"plain","required":true}},"block_types":{"field_to_match":{"nesting_mode":"list","block":{"block_types":{"all_query_arguments":{"nesting_mode":"list","block":{"description_kind":"plain"},"max_items":1},"body":{"nesting_mode":"list","block":{"description_kind":"plain"},"max_items":1},"method":{"nesting_mode":"list","block":{"description_kind":"plain"},"max_items":1},"query_string":{"nesting_mode":"list","block":{"description_kind":"plain"},"max_items":1},"single_header":{"nesting_mode":"list","block":{"attributes":{"name":{"type":"string","description_kind":"plain","required":true}},"description_kind":"plain"},"max_items":1},"single_query_argument":{"nesting_mode":"list","block":{"attributes":{"name":{"type":"string","description_kind":"plain","required":true}},"description_kind":"plain"},"max_items":1},"uri_path":{"nesting_mode":"list","block":{"description_kind":"plain"},"max_items":1}},"description_kind":"plain"},"max_items":1},"text_transformation":{"nesting_mode":"set","block":{"attributes":{"priority":{"type":"number","description_kind":"plain","required":true},"type":{"type":"string","description_kind":"plain","required":true}},"description_kind":"plain"},"min_items":1}},"description_kind":"plain"},"max_items":1},"sqli_match_statement":{"nesting_mode":"list","block":{"block_types":{"field_to_match":{"nesting_mode":"list","block":{"block_types":{"all_query_arguments":{"nesting_mode":"list","block":{"description_kind":"plain"},"max_items":1},"body":{"nesting_mode":"list","block":{"description_kind":"plain"},"max_items":1},"method":{"nesting_mode":"list","block":{"description_kind":"plain"},"max_items":1},"query_string":{"nesting_mode":"list","block":{"description_kind":"plain"},"max_items":1},"single_header":{"nesting_mode":"list","block":{"attributes":{"name":{"type":"string","description_kind":"plain","required":true}},"description_kind":"plain"},"max_items":1},"single_query_argument":{"nesting_mode":"list","block":{"attributes":{"name":{"type":"string","description_kind":"plain","required":true}},"description_kind":"plain"},"max_items":1},"uri_path":{"nesting_mode":"list","block":{"description_kind":"plain"},"max_items":1}},"description_kind":"plain"},"max_items":1},"text_transformation":{"nesting_mode":"set","block":{"attributes":{"priority":{"type":"number","description_kind":"plain","required":true},"type":{"type":"string","description_kind":"plain","required":true}},"description_kind":"plain"},"min_items":1}},"description_kind":"plain"},"max_items":1},"xss_match_statement":{"nesting_mode":"list","block":{"block_types":{"field_to_match":{"nesting_mode":"list","block":{"block_types":{"all_query_arguments":{"nesting_mode":"list","block":{"description_kind":"plain"},"max_items":1},"body":{"nesting_mode":"list","block":{"description_kind":"plain"},"max_items":1},"method":{"nesting_mode":"list","block":{"description_kind":"plain"},"max_items":1},"query_string":{"nesting_mode":"list","block":{"description_kind":"plain"},"max_items":1},"single_header":{"nesting_mode":"list","block":{"attributes":{"name":{"type":"string","description_kind":"plain","required":true}},"description_kind":"plain"},"max_items":1},"single_query_argument":{"nesting_mode":"list","block":{"attributes":{"name":{"type":"string","description_kind":"plain","required":true}},"description_kind":"plain"},"max_items":1},"uri_path":{"nesting_mode":"list","block":{"description_kind":"plain"},"max_items":1}},"description_kind":"plain"},"max_items":1},"text_transformation":{"nesting_mode":"set","block":{"attributes":{"priority":{"type":"number","description_kind":"plain","required":true},"type":{"type":"string","description_kind":"plain","required":true}},"description_kind":"plain"},"min_items":1}},"description_kind":"plain"},"max_items":1}},"description_kind":"plain"},"min_items":1}},"description_kind":"plain"},"max_items":1},"or_statement":{"nesting_mode":"list","block":{"block_types":{"statement":{"nesting_mode":"list","block":{"block_types":{"byte_match_statement":{"nesting_mode":"list","block":{"attributes":{"positional_constraint":{"type":"string","description_kind":"plain","required":true},"search_string":{"type":"string","description_kind":"plain","required":true}},"block_types":{"field_to_match":{"nesting_mode":"list","block":{"block_types":{"all_query_arguments":{"nesting_mode":"list","block":{"description_kind":"plain"},"max_items":1},"body":{"nesting_mode":"list","block":{"description_kind":"plain"},"max_items":1},"method":{"nesting_mode":"list","block":{"description_kind":"plain"},"max_items":1},"query_string":{"nesting_mode":"list","block":{"description_kind":"plain"},"max_items":1},"single_header":{"nesting_mode":"list","block":{"attributes":{"name":{"type":"string","description_kind":"plain","required":true}},"description_kind":"plain"},"max_items":1},"single_query_argument":{"nesting_mode":"list","block":{"attributes":{"name":{"type":"string","description_kind":"plain","required":true}},"description_kind":"plain"},"max_items":1},"uri_path":{"nesting_mode":"list","block":{"description_kind":"plain"},"max_items":1}},"description_kind":"plain"},"max_items":1},"text_transformation":{"nesting_mode":"set","block":{"attributes":{"priority":{"type":"number","description_kind":"plain","required":true},"type":{"type":"string","description_kind":"plain","required":true}},"description_kind":"plain"},"min_items":1}},"description_kind":"plain"},"max_items":1},"geo_match_statement":{"nesting_mode":"list","block":{"attributes":{"country_codes":{"type":["list","string"],"description_kind":"plain","required":true}},"block_types":{"forwarded_ip_config":{"nesting_mode":"list","block":{"attributes":{"fallback_behavior":{"type":"string","description_kind":"plain","required":true},"header_name":{"type":"string","description_kind":"plain","required":true}},"description_kind":"plain"},"max_items":1}},"description_kind":"plain"},"max_items":1},"ip_set_reference_statement":{"nesting_mode":"list","block":{"attributes":{"arn":{"type":"string","description_kind":"plain","required":true}},"block_types":{"ip_set_forwarded_ip_config":{"nesting_mode":"list","block":{"attributes":{"fallback_behavior":{"type":"string","description_kind":"plain","required":true},"header_name":{"type":"string","description_kind":"plain","required":true},"position":{"type":"string","description_kind":"plain","required":true}},"description_kind":"plain"},"max_items":1}},"description_kind":"plain"},"max_items":1},"regex_pattern_set_reference_statement":{"nesting_mode":"list","block":{"attributes":{"arn":{"type":"string","description_kind":"plain","required":true}},"block_types":{"field_to_match":{"nesting_mode":"list","block":{"block_types":{"all_query_arguments":{"nesting_mode":"list","block":{"description_kind":"plain"},"max_items":1},"body":{"nesting_mode":"list","block":{"description_kind":"plain"},"max_items":1},"method":{"nesting_mode":"list","block":{"description_kind":"plain"},"max_items":1},"query_string":{"nesting_mode":"list","block":{"description_kind":"plain"},"max_items":1},"single_header":{"nesting_mode":"list","block":{"attributes":{"name":{"type":"string","description_kind":"plain","required":true}},"description_kind":"plain"},"max_items":1},"single_query_argument":{"nesting_mode":"list","block":{"attributes":{"name":{"type":"string","description_kind":"plain","required":true}},"description_kind":"plain"},"max_items":1},"uri_path":{"nesting_mode":"list","block":{"description_kind":"plain"},"max_items":1}},"description_kind":"plain"},"max_items":1},"text_transformation":{"nesting_mode":"set","block":{"attributes":{"priority":{"type":"number","description_kind":"plain","required":true},"type":{"type":"string","description_kind":"plain","required":true}},"description_kind":"plain"},"min_items":1}},"description_kind":"plain"},"max_items":1},"size_constraint_statement":{"nesting_mode":"list","block":{"attributes":{"comparison_operator":{"type":"string","description_kind":"plain","required":true},"size":{"type":"number","description_kind":"plain","required":true}},"block_types":{"field_to_match":{"nesting_mode":"list","block":{"block_types":{"all_query_arguments":{"nesting_mode":"list","block":{"description_kind":"plain"},"max_items":1},"body":{"nesting_mode":"list","block":{"description_kind":"plain"},"max_items":1},"method":{"nesting_mode":"list","block":{"description_kind":"plain"},"max_items":1},"query_string":{"nesting_mode":"list","block":{"description_kind":"plain"},"max_items":1},"single_header":{"nesting_mode":"list","block":{"attributes":{"name":{"type":"string","description_kind":"plain","required":true}},"description_kind":"plain"},"max_items":1},"single_query_argument":{"nesting_mode":"list","block":{"attributes":{"name":{"type":"string","description_kind":"plain","required":true}},"description_kind":"plain"},"max_items":1},"uri_path":{"nesting_mode":"list","block":{"description_kind":"plain"},"max_items":1}},"description_kind":"plain"},"max_items":1},"text_transformation":{"nesting_mode":"set","block":{"attributes":{"priority":{"type":"number","description_kind":"plain","required":true},"type":{"type":"string","description_kind":"plain","required":true}},"description_kind":"plain"},"min_items":1}},"description_kind":"plain"},"max_items":1},"sqli_match_statement":{"nesting_mode":"list","block":{"block_types":{"field_to_match":{"nesting_mode":"list","block":{"block_types":{"all_query_arguments":{"nesting_mode":"list","block":{"description_kind":"plain"},"max_items":1},"body":{"nesting_mode":"list","block":{"description_kind":"plain"},"max_items":1},"method":{"nesting_mode":"list","block":{"description_kind":"plain"},"max_items":1},"query_string":{"nesting_mode":"list","block":{"description_kind":"plain"},"max_items":1},"single_header":{"nesting_mode":"list","block":{"attributes":{"name":{"type":"string","description_kind":"plain","required":true}},"description_kind":"plain"},"max_items":1},"single_query_argument":{"nesting_mode":"list","block":{"attributes":{"name":{"type":"string","description_kind":"plain","required":true}},"description_kind":"plain"},"max_items":1},"uri_path":{"nesting_mode":"list","block":{"description_kind":"plain"},"max_items":1}},"description_kind":"plain"},"max_items":1},"text_transformation":{"nesting_mode":"set","block":{"attributes":{"priority":{"type":"number","description_kind":"plain","required":true},"type":{"type":"string","description_kind":"plain","required":true}},"description_kind":"plain"},"min_items":1}},"description_kind":"plain"},"max_items":1},"xss_match_statement":{"nesting_mode":"list","block":{"block_types":{"field_to_match":{"nesting_mode":"list","block":{"block_types":{"all_query_arguments":{"nesting_mode":"list","block":{"description_kind":"plain"},"max_items":1},"body":{"nesting_mode":"list","block":{"description_kind":"plain"},"max_items":1},"method":{"nesting_mode":"list","block":{"description_kind":"plain"},"max_items":1},"query_string":{"nesting_mode":"list","block":{"description_kind":"plain"},"max_items":1},"single_header":{"nesting_mode":"list","block":{"attributes":{"name":{"type":"string","description_kind":"plain","required":true}},"description_kind":"plain"},"max_items":1},"single_query_argument":{"nesting_mode":"list","block":{"attributes":{"name":{"type":"string","description_kind":"plain","required":true}},"description_kind":"plain"},"max_items":1},"uri_path":{"nesting_mode":"list","block":{"description_kind":"plain"},"max_items":1}},"description_kind":"plain"},"max_items":1},"text_transformation":{"nesting_mode":"set","block":{"attributes":{"priority":{"type":"number","description_kind":"plain","required":true},"type":{"type":"string","description_kind":"plain","required":true}},"description_kind":"plain"},"min_items":1}},"description_kind":"plain"},"max_items":1}},"description_kind":"plain"},"min_items":1}},"description_kind":"plain"},"max_items":1},"regex_pattern_set_reference_statement":{"nesting_mode":"list","block":{"attributes":{"arn":{"type":"string","description_kind":"plain","required":true}},"block_types":{"field_to_match":{"nesting_mode":"list","block":{"block_types":{"all_query_arguments":{"nesting_mode":"list","block":{"description_kind":"plain"},"max_items":1},"body":{"nesting_mode":"list","block":{"description_kind":"plain"},"max_items":1},"method":{"nesting_mode":"list","block":{"description_kind":"plain"},"max_items":1},"query_string":{"nesting_mode":"list","block":{"description_kind":"plain"},"max_items":1},"single_header":{"nesting_mode":"list","block":{"attributes":{"name":{"type":"string","description_kind":"plain","required":true}},"description_kind":"plain"},"max_items":1},"single_query_argument":{"nesting_mode":"list","block":{"attributes":{"name":{"type":"string","description_kind":"plain","required":true}},"description_kind":"plain"},"max_items":1},"uri_path":{"nesting_mode":"list","block":{"description_kind":"plain"},"max_items":1}},"description_kind":"plain"},"max_items":1},"text_transformation":{"nesting_mode":"set","block":{"attributes":{"priority":{"type":"number","description_kind":"plain","required":true},"type":{"type":"string","description_kind":"plain","required":true}},"description_kind":"plain"},"min_items":1}},"description_kind":"plain"},"max_items":1},"size_constraint_statement":{"nesting_mode":"list","block":{"attributes":{"comparison_operator":{"type":"string","description_kind":"plain","required":true},"size":{"type":"number","description_kind":"plain","required":true}},"block_types":{"field_to_match":{"nesting_mode":"list","block":{"block_types":{"all_query_arguments":{"nesting_mode":"list","block":{"description_kind":"plain"},"max_items":1},"body":{"nesting_mode":"list","block":{"description_kind":"plain"},"max_items":1},"method":{"nesting_mode":"list","block":{"description_kind":"plain"},"max_items":1},"query_string":{"nesting_mode":"list","block":{"description_kind":"plain"},"max_items":1},"single_header":{"nesting_mode":"list","block":{"attributes":{"name":{"type":"string","description_kind":"plain","required":true}},"description_kind":"plain"},"max_items":1},"single_query_argument":{"nesting_mode":"list","block":{"attributes":{"name":{"type":"string","description_kind":"plain","required":true}},"description_kind":"plain"},"max_items":1},"uri_path":{"nesting_mode":"list","block":{"description_kind":"plain"},"max_items":1}},"description_kind":"plain"},"max_items":1},"text_transformation":{"nesting_mode":"set","block":{"attributes":{"priority":{"type":"number","description_kind":"plain","required":true},"type":{"type":"string","description_kind":"plain","required":true}},"description_kind":"plain"},"min_items":1}},"description_kind":"plain"},"max_items":1},"sqli_match_statement":{"nesting_mode":"list","block":{"block_types":{"field_to_match":{"nesting_mode":"list","block":{"block_types":{"all_query_arguments":{"nesting_mode":"list","block":{"description_kind":"plain"},"max_items":1},"body":{"nesting_mode":"list","block":{"description_kind":"plain"},"max_items":1},"method":{"nesting_mode":"list","block":{"description_kind":"plain"},"max_items":1},"query_string":{"nesting_mode":"list","block":{"description_kind":"plain"},"max_items":1},"single_header":{"nesting_mode":"list","block":{"attributes":{"name":{"type":"string","description_kind":"plain","required":true}},"description_kind":"plain"},"max_items":1},"single_query_argument":{"nesting_mode":"list","block":{"attributes":{"name":{"type":"string","description_kind":"plain","required":true}},"description_kind":"plain"},"max_items":1},"uri_path":{"nesting_mode":"list","block":{"description_kind":"plain"},"max_items":1}},"description_kind":"plain"},"max_items":1},"text_transformation":{"nesting_mode":"set","block":{"attributes":{"priority":{"type":"number","description_kind":"plain","required":true},"type":{"type":"string","description_kind":"plain","required":true}},"description_kind":"plain"},"min_items":1}},"description_kind":"plain"},"max_items":1},"xss_match_statement":{"nesting_mode":"list","block":{"block_types":{"field_to_match":{"nesting_mode":"list","block":{"block_types":{"all_query_arguments":{"nesting_mode":"list","block":{"description_kind":"plain"},"max_items":1},"body":{"nesting_mode":"list","block":{"description_kind":"plain"},"max_items":1},"method":{"nesting_mode":"list","block":{"description_kind":"plain"},"max_items":1},"query_string":{"nesting_mode":"list","block":{"description_kind":"plain"},"max_items":1},"single_header":{"nesting_mode":"list","block":{"attributes":{"name":{"type":"string","description_kind":"plain","required":true}},"description_kind":"plain"},"max_items":1},"single_query_argument":{"nesting_mode":"list","block":{"attributes":{"name":{"type":"string","description_kind":"plain","required":true}},"description_kind":"plain"},"max_items":1},"uri_path":{"nesting_mode":"list","block":{"description_kind":"plain"},"max_items":1}},"description_kind":"plain"},"max_items":1},"text_transformation":{"nesting_mode":"set","block":{"attributes":{"priority":{"type":"number","description_kind":"plain","required":true},"type":{"type":"string","description_kind":"plain","required":true}},"description_kind":"plain"},"min_items":1}},"description_kind":"plain"},"max_items":1}},"description_kind":"plain"},"min_items":1}},"description_kind":"plain"},"max_items":1},"or_statement":{"nesting_mode":"list","block":{"block_types":{"statement":{"nesting_mode":"list","block":{"block_types":{"and_statement":{"nesting_mode":"list","block":{"block_types":{"statement":{"nesting_mode":"list","block":{"block_types":{"byte_match_statement":{"nesting_mode":"list","block":{"attributes":{"positional_constraint":{"type":"string","description_kind":"plain","required":true},"search_string":{"type":"string","description_kind":"plain","required":true}},"block_types":{"field_to_match":{"nesting_mode":"list","block":{"block_types":{"all_query_arguments":{"nesting_mode":"list","block":{"description_kind":"plain"},"max_items":1},"body":{"nesting_mode":"list","block":{"description_kind":"plain"},"max_items":1},"method":{"nesting_mode":"list","block":{"description_kind":"plain"},"max_items":1},"query_string":{"nesting_mode":"list","block":{"description_kind":"plain"},"max_items":1},"single_header":{"nesting_mode":"list","block":{"attributes":{"name":{"type":"string","description_kind":"plain","required":true}},"description_kind":"plain"},"max_items":1},"single_query_argument":{"nesting_mode":"list","block":{"attributes":{"name":{"type":"string","description_kind":"plain","required":true}},"description_kind":"plain"},"max_items":1},"uri_path":{"nesting_mode":"list","block":{"description_kind":"plain"},"max_items":1}},"description_kind":"plain"},"max_items":1},"text_transformation":{"nesting_mode":"set","block":{"attributes":{"priority":{"type":"number","description_kind":"plain","required":true},"type":{"type":"string","description_kind":"plain","required":true}},"description_kind":"plain"},"min_items":1}},"description_kind":"plain"},"max_items":1},"geo_match_statement":{"nesting_mode":"list","block":{"attributes":{"country_codes":{"type":["list","string"],"description_kind":"plain","required":true}},"block_types":{"forwarded_ip_config":{"nesting_mode":"list","block":{"attributes":{"fallback_behavior":{"type":"string","description_kind":"plain","required":true},"header_name":{"type":"string","description_kind":"plain","required":true}},"description_kind":"plain"},"max_items":1}},"description_kind":"plain"},"max_items":1},"ip_set_reference_statement":{"nesting_mode":"list","block":{"attributes":{"arn":{"type":"string","description_kind":"plain","required":true}},"block_types":{"ip_set_forwarded_ip_config":{"nesting_mode":"list","block":{"attributes":{"fallback_behavior":{"type":"string","description_kind":"plain","required":true},"header_name":{"type":"string","description_kind":"plain","required":true},"position":{"type":"string","description_kind":"plain","required":true}},"description_kind":"plain"},"max_items":1}},"description_kind":"plain"},"max_items":1},"regex_pattern_set_reference_statement":{"nesting_mode":"list","block":{"attributes":{"arn":{"type":"string","description_kind":"plain","required":true}},"block_types":{"field_to_match":{"nesting_mode":"list","block":{"block_types":{"all_query_arguments":{"nesting_mode":"list","block":{"description_kind":"plain"},"max_items":1},"body":{"nesting_mode":"list","block":{"description_kind":"plain"},"max_items":1},"method":{"nesting_mode":"list","block":{"description_kind":"plain"},"max_items":1},"query_string":{"nesting_mode":"list","block":{"description_kind":"plain"},"max_items":1},"single_header":{"nesting_mode":"list","block":{"attributes":{"name":{"type":"string","description_kind":"plain","required":true}},"description_kind":"plain"},"max_items":1},"single_query_argument":{"nesting_mode":"list","block":{"attributes":{"name":{"type":"string","description_kind":"plain","required":true}},"description_kind":"plain"},"max_items":1},"uri_path":{"nesting_mode":"list","block":{"description_kind":"plain"},"max_items":1}},"description_kind":"plain"},"max_items":1},"text_transformation":{"nesting_mode":"set","block":{"attributes":{"priority":{"type":"number","description_kind":"plain","required":true},"type":{"type":"string","description_kind":"plain","required":true}},"description_kind":"plain"},"min_items":1}},"description_kind":"plain"},"max_items":1},"size_constraint_statement":{"nesting_mode":"list","block":{"attributes":{"comparison_operator":{"type":"string","description_kind":"plain","required":true},"size":{"type":"number","description_kind":"plain","required":true}},"block_types":{"field_to_match":{"nesting_mode":"list","block":{"block_types":{"all_query_arguments":{"nesting_mode":"list","block":{"description_kind":"plain"},"max_items":1},"body":{"nesting_mode":"list","block":{"description_kind":"plain"},"max_items":1},"method":{"nesting_mode":"list","block":{"description_kind":"plain"},"max_items":1},"query_string":{"nesting_mode":"list","block":{"description_kind":"plain"},"max_items":1},"single_header":{"nesting_mode":"list","block":{"attributes":{"name":{"type":"string","description_kind":"plain","required":true}},"description_kind":"plain"},"max_items":1},"single_query_argument":{"nesting_mode":"list","block":{"attributes":{"name":{"type":"string","description_kind":"plain","required":true}},"description_kind":"plain"},"max_items":1},"uri_path":{"nesting_mode":"list","block":{"description_kind":"plain"},"max_items":1}},"description_kind":"plain"},"max_items":1},"text_transformation":{"nesting_mode":"set","block":{"attributes":{"priority":{"type":"number","description_kind":"plain","required":true},"type":{"type":"string","description_kind":"plain","required":true}},"description_kind":"plain"},"min_items":1}},"description_kind":"plain"},"max_items":1},"sqli_match_statement":{"nesting_mode":"list","block":{"block_types":{"field_to_match":{"nesting_mode":"list","block":{"block_types":{"all_query_arguments":{"nesting_mode":"list","block":{"description_kind":"plain"},"max_items":1},"body":{"nesting_mode":"list","block":{"description_kind":"plain"},"max_items":1},"method":{"nesting_mode":"list","block":{"description_kind":"plain"},"max_items":1},"query_string":{"nesting_mode":"list","block":{"description_kind":"plain"},"max_items":1},"single_header":{"nesting_mode":"list","block":{"attributes":{"name":{"type":"string","description_kind":"plain","required":true}},"description_kind":"plain"},"max_items":1},"single_query_argument":{"nesting_mode":"list","block":{"attributes":{"name":{"type":"string","description_kind":"plain","required":true}},"description_kind":"plain"},"max_items":1},"uri_path":{"nesting_mode":"list","block":{"description_kind":"plain"},"max_items":1}},"description_kind":"plain"},"max_items":1},"text_transformation":{"nesting_mode":"set","block":{"attributes":{"priority":{"type":"number","description_kind":"plain","required":true},"type":{"type":"string","description_kind":"plain","required":true}},"description_kind":"plain"},"min_items":1}},"description_kind":"plain"},"max_items":1},"xss_match_statement":{"nesting_mode":"list","block":{"block_types":{"field_to_match":{"nesting_mode":"list","block":{"block_types":{"all_query_arguments":{"nesting_mode":"list","block":{"description_kind":"plain"},"max_items":1},"body":{"nesting_mode":"list","block":{"description_kind":"plain"},"max_items":1},"method":{"nesting_mode":"list","block":{"description_kind":"plain"},"max_items":1},"query_string":{"nesting_mode":"list","block":{"description_kind":"plain"},"max_items":1},"single_header":{"nesting_mode":"list","block":{"attributes":{"name":{"type":"string","description_kind":"plain","required":true}},"description_kind":"plain"},"max_items":1},"single_query_argument":{"nesting_mode":"list","block":{"attributes":{"name":{"type":"string","description_kind":"plain","required":true}},"description_kind":"plain"},"max_items":1},"uri_path":{"nesting_mode":"list","block":{"description_kind":"plain"},"max_items":1}},"description_kind":"plain"},"max_items":1},"text_transformation":{"nesting_mode":"set","block":{"attributes":{"priority":{"type":"number","description_kind":"plain","required":true},"type":{"type":"string","description_kind":"plain","required":true}},"description_kind":"plain"},"min_items":1}},"description_kind":"plain"},"max_items":1}},"description_kind":"plain"},"min_items":1}},"description_kind":"plain"},"max_items":1},"byte_match_statement":{"nesting_mode":"list","block":{"attributes":{"positional_constraint":{"type":"string","description_kind":"plain","required":true},"search_string":{"type":"string","description_kind":"plain","required":true}},"block_types":{"field_to_match":{"nesting_mode":"list","block":{"block_types":{"all_query_arguments":{"nesting_mode":"list","block":{"description_kind":"plain"},"max_items":1},"body":{"nesting_mode":"list","block":{"description_kind":"plain"},"max_items":1},"method":{"nesting_mode":"list","block":{"description_kind":"plain"},"max_items":1},"query_string":{"nesting_mode":"list","block":{"description_kind":"plain"},"max_items":1},"single_header":{"nesting_mode":"list","block":{"attributes":{"name":{"type":"string","description_kind":"plain","required":true}},"description_kind":"plain"},"max_items":1},"single_query_argument":{"nesting_mode":"list","block":{"attributes":{"name":{"type":"string","description_kind":"plain","required":true}},"description_kind":"plain"},"max_items":1},"uri_path":{"nesting_mode":"list","block":{"description_kind":"plain"},"max_items":1}},"description_kind":"plain"},"max_items":1},"text_transformation":{"nesting_mode":"set","block":{"attributes":{"priority":{"type":"number","description_kind":"plain","required":true},"type":{"type":"string","description_kind":"plain","required":true}},"description_kind":"plain"},"min_items":1}},"description_kind":"plain"},"max_items":1},"geo_match_statement":{"nesting_mode":"list","block":{"attributes":{"country_codes":{"type":["list","string"],"description_kind":"plain","required":true}},"block_types":{"forwarded_ip_config":{"nesting_mode":"list","block":{"attributes":{"fallback_behavior":{"type":"string","description_kind":"plain","required":true},"header_name":{"type":"string","description_kind":"plain","required":true}},"description_kind":"plain"},"max_items":1}},"description_kind":"plain"},"max_items":1},"ip_set_reference_statement":{"nesting_mode":"list","block":{"attributes":{"arn":{"type":"string","description_kind":"plain","required":true}},"block_types":{"ip_set_forwarded_ip_config":{"nesting_mode":"list","block":{"attributes":{"fallback_behavior":{"type":"string","description_kind":"plain","required":true},"header_name":{"type":"string","description_kind":"plain","required":true},"position":{"type":"string","description_kind":"plain","required":true}},"description_kind":"plain"},"max_items":1}},"description_kind":"plain"},"max_items":1},"not_statement":{"nesting_mode":"list","block":{"block_types":{"statement":{"nesting_mode":"list","block":{"block_types":{"byte_match_statement":{"nesting_mode":"list","block":{"attributes":{"positional_constraint":{"type":"string","description_kind":"plain","required":true},"search_string":{"type":"string","description_kind":"plain","required":true}},"block_types":{"field_to_match":{"nesting_mode":"list","block":{"block_types":{"all_query_arguments":{"nesting_mode":"list","block":{"description_kind":"plain"},"max_items":1},"body":{"nesting_mode":"list","block":{"description_kind":"plain"},"max_items":1},"method":{"nesting_mode":"list","block":{"description_kind":"plain"},"max_items":1},"query_string":{"nesting_mode":"list","block":{"description_kind":"plain"},"max_items":1},"single_header":{"nesting_mode":"list","block":{"attributes":{"name":{"type":"string","description_kind":"plain","required":true}},"description_kind":"plain"},"max_items":1},"single_query_argument":{"nesting_mode":"list","block":{"attributes":{"name":{"type":"string","description_kind":"plain","required":true}},"description_kind":"plain"},"max_items":1},"uri_path":{"nesting_mode":"list","block":{"description_kind":"plain"},"max_items":1}},"description_kind":"plain"},"max_items":1},"text_transformation":{"nesting_mode":"set","block":{"attributes":{"priority":{"type":"number","description_kind":"plain","required":true},"type":{"type":"string","description_kind":"plain","required":true}},"description_kind":"plain"},"min_items":1}},"description_kind":"plain"},"max_items":1},"geo_match_statement":{"nesting_mode":"list","block":{"attributes":{"country_codes":{"type":["list","string"],"description_kind":"plain","required":true}},"block_types":{"forwarded_ip_config":{"nesting_mode":"list","block":{"attributes":{"fallback_behavior":{"type":"string","description_kind":"plain","required":true},"header_name":{"type":"string","description_kind":"plain","required":true}},"description_kind":"plain"},"max_items":1}},"description_kind":"plain"},"max_items":1},"ip_set_reference_statement":{"nesting_mode":"list","block":{"attributes":{"arn":{"type":"string","description_kind":"plain","required":true}},"block_types":{"ip_set_forwarded_ip_config":{"nesting_mode":"list","block":{"attributes":{"fallback_behavior":{"type":"string","description_kind":"plain","required":true},"header_name":{"type":"string","description_kind":"plain","required":true},"position":{"type":"string","description_kind":"plain","required":true}},"description_kind":"plain"},"max_items":1}},"description_kind":"plain"},"max_items":1},"regex_pattern_set_reference_statement":{"nesting_mode":"list","block":{"attributes":{"arn":{"type":"string","description_kind":"plain","required":true}},"block_types":{"field_to_match":{"nesting_mode":"list","block":{"block_types":{"all_query_arguments":{"nesting_mode":"list","block":{"description_kind":"plain"},"max_items":1},"body":{"nesting_mode":"list","block":{"description_kind":"plain"},"max_items":1},"method":{"nesting_mode":"list","block":{"description_kind":"plain"},"max_items":1},"query_string":{"nesting_mode":"list","block":{"description_kind":"plain"},"max_items":1},"single_header":{"nesting_mode":"list","block":{"attributes":{"name":{"type":"string","description_kind":"plain","required":true}},"description_kind":"plain"},"max_items":1},"single_query_argument":{"nesting_mode":"list","block":{"attributes":{"name":{"type":"string","description_kind":"plain","required":true}},"description_kind":"plain"},"max_items":1},"uri_path":{"nesting_mode":"list","block":{"description_kind":"plain"},"max_items":1}},"description_kind":"plain"},"max_items":1},"text_transformation":{"nesting_mode":"set","block":{"attributes":{"priority":{"type":"number","description_kind":"plain","required":true},"type":{"type":"string","description_kind":"plain","required":true}},"description_kind":"plain"},"min_items":1}},"description_kind":"plain"},"max_items":1},"size_constraint_statement":{"nesting_mode":"list","block":{"attributes":{"comparison_operator":{"type":"string","description_kind":"plain","required":true},"size":{"type":"number","description_kind":"plain","required":true}},"block_types":{"field_to_match":{"nesting_mode":"list","block":{"block_types":{"all_query_arguments":{"nesting_mode":"list","block":{"description_kind":"plain"},"max_items":1},"body":{"nesting_mode":"list","block":{"description_kind":"plain"},"max_items":1},"method":{"nesting_mode":"list","block":{"description_kind":"plain"},"max_items":1},"query_string":{"nesting_mode":"list","block":{"description_kind":"plain"},"max_items":1},"single_header":{"nesting_mode":"list","block":{"attributes":{"name":{"type":"string","description_kind":"plain","required":true}},"description_kind":"plain"},"max_items":1},"single_query_argument":{"nesting_mode":"list","block":{"attributes":{"name":{"type":"string","description_kind":"plain","required":true}},"description_kind":"plain"},"max_items":1},"uri_path":{"nesting_mode":"list","block":{"description_kind":"plain"},"max_items":1}},"description_kind":"plain"},"max_items":1},"text_transformation":{"nesting_mode":"set","block":{"attributes":{"priority":{"type":"number","description_kind":"plain","required":true},"type":{"type":"string","description_kind":"plain","required":true}},"description_kind":"plain"},"min_items":1}},"description_kind":"plain"},"max_items":1},"sqli_match_statement":{"nesting_mode":"list","block":{"block_types":{"field_to_match":{"nesting_mode":"list","block":{"block_types":{"all_query_arguments":{"nesting_mode":"list","block":{"description_kind":"plain"},"max_items":1},"body":{"nesting_mode":"list","block":{"description_kind":"plain"},"max_items":1},"method":{"nesting_mode":"list","block":{"description_kind":"plain"},"max_items":1},"query_string":{"nesting_mode":"list","block":{"description_kind":"plain"},"max_items":1},"single_header":{"nesting_mode":"list","block":{"attributes":{"name":{"type":"string","description_kind":"plain","required":true}},"description_kind":"plain"},"max_items":1},"single_query_argument":{"nesting_mode":"list","block":{"attributes":{"name":{"type":"string","description_kind":"plain","required":true}},"description_kind":"plain"},"max_items":1},"uri_path":{"nesting_mode":"list","block":{"description_kind":"plain"},"max_items":1}},"description_kind":"plain"},"max_items":1},"text_transformation":{"nesting_mode":"set","block":{"attributes":{"priority":{"type":"number","description_kind":"plain","required":true},"type":{"type":"string","description_kind":"plain","required":true}},"description_kind":"plain"},"min_items":1}},"description_kind":"plain"},"max_items":1},"xss_match_statement":{"nesting_mode":"list","block":{"block_types":{"field_to_match":{"nesting_mode":"list","block":{"block_types":{"all_query_arguments":{"nesting_mode":"list","block":{"description_kind":"plain"},"max_items":1},"body":{"nesting_mode":"list","block":{"description_kind":"plain"},"max_items":1},"method":{"nesting_mode":"list","block":{"description_kind":"plain"},"max_items":1},"query_string":{"nesting_mode":"list","block":{"description_kind":"plain"},"max_items":1},"single_header":{"nesting_mode":"list","block":{"attributes":{"name":{"type":"string","description_kind":"plain","required":true}},"description_kind":"plain"},"max_items":1},"single_query_argument":{"nesting_mode":"list","block":{"attributes":{"name":{"type":"string","description_kind":"plain","required":true}},"description_kind":"plain"},"max_items":1},"uri_path":{"nesting_mode":"list","block":{"description_kind":"plain"},"max_items":1}},"description_kind":"plain"},"max_items":1},"text_transformation":{"nesting_mode":"set","block":{"attributes":{"priority":{"type":"number","description_kind":"plain","required":true},"type":{"type":"string","description_kind":"plain","required":true}},"description_kind":"plain"},"min_items":1}},"description_kind":"plain"},"max_items":1}},"description_kind":"plain"},"min_items":1}},"description_kind":"plain"},"max_items":1},"or_statement":{"nesting_mode":"list","block":{"block_types":{"statement":{"nesting_mode":"list","block":{"block_types":{"byte_match_statement":{"nesting_mode":"list","block":{"attributes":{"positional_constraint":{"type":"string","description_kind":"plain","required":true},"search_string":{"type":"string","description_kind":"plain","required":true}},"block_types":{"field_to_match":{"nesting_mode":"list","block":{"block_types":{"all_query_arguments":{"nesting_mode":"list","block":{"description_kind":"plain"},"max_items":1},"body":{"nesting_mode":"list","block":{"description_kind":"plain"},"max_items":1},"method":{"nesting_mode":"list","block":{"description_kind":"plain"},"max_items":1},"query_string":{"nesting_mode":"list","block":{"description_kind":"plain"},"max_items":1},"single_header":{"nesting_mode":"list","block":{"attributes":{"name":{"type":"string","description_kind":"plain","required":true}},"description_kind":"plain"},"max_items":1},"single_query_argument":{"nesting_mode":"list","block":{"attributes":{"name":{"type":"string","description_kind":"plain","required":true}},"description_kind":"plain"},"max_items":1},"uri_path":{"nesting_mode":"list","block":{"description_kind":"plain"},"max_items":1}},"description_kind":"plain"},"max_items":1},"text_transformation":{"nesting_mode":"set","block":{"attributes":{"priority":{"type":"number","description_kind":"plain","required":true},"type":{"type":"string","description_kind":"plain","required":true}},"description_kind":"plain"},"min_items":1}},"description_kind":"plain"},"max_items":1},"geo_match_statement":{"nesting_mode":"list","block":{"attributes":{"country_codes":{"type":["list","string"],"description_kind":"plain","required":true}},"block_types":{"forwarded_ip_config":{"nesting_mode":"list","block":{"attributes":{"fallback_behavior":{"type":"string","description_kind":"plain","required":true},"header_name":{"type":"string","description_kind":"plain","required":true}},"description_kind":"plain"},"max_items":1}},"description_kind":"plain"},"max_items":1},"ip_set_reference_statement":{"nesting_mode":"list","block":{"attributes":{"arn":{"type":"string","description_kind":"plain","required":true}},"block_types":{"ip_set_forwarded_ip_config":{"nesting_mode":"list","block":{"attributes":{"fallback_behavior":{"type":"string","description_kind":"plain","required":true},"header_name":{"type":"string","description_kind":"plain","required":true},"position":{"type":"string","description_kind":"plain","required":true}},"description_kind":"plain"},"max_items":1}},"description_kind":"plain"},"max_items":1},"regex_pattern_set_reference_statement":{"nesting_mode":"list","block":{"attributes":{"arn":{"type":"string","description_kind":"plain","required":true}},"block_types":{"field_to_match":{"nesting_mode":"list","block":{"block_types":{"all_query_arguments":{"nesting_mode":"list","block":{"description_kind":"plain"},"max_items":1},"body":{"nesting_mode":"list","block":{"description_kind":"plain"},"max_items":1},"method":{"nesting_mode":"list","block":{"description_kind":"plain"},"max_items":1},"query_string":{"nesting_mode":"list","block":{"description_kind":"plain"},"max_items":1},"single_header":{"nesting_mode":"list","block":{"attributes":{"name":{"type":"string","description_kind":"plain","required":true}},"description_kind":"plain"},"max_items":1},"single_query_argument":{"nesting_mode":"list","block":{"attributes":{"name":{"type":"string","description_kind":"plain","required":true}},"description_kind":"plain"},"max_items":1},"uri_path":{"nesting_mode":"list","block":{"description_kind":"plain"},"max_items":1}},"description_kind":"plain"},"max_items":1},"text_transformation":{"nesting_mode":"set","block":{"attributes":{"priority":{"type":"number","description_kind":"plain","required":true},"type":{"type":"string","description_kind":"plain","required":true}},"description_kind":"plain"},"min_items":1}},"description_kind":"plain"},"max_items":1},"size_constraint_statement":{"nesting_mode":"list","block":{"attributes":{"comparison_operator":{"type":"string","description_kind":"plain","required":true},"size":{"type":"number","description_kind":"plain","required":true}},"block_types":{"field_to_match":{"nesting_mode":"list","block":{"block_types":{"all_query_arguments":{"nesting_mode":"list","block":{"description_kind":"plain"},"max_items":1},"body":{"nesting_mode":"list","block":{"description_kind":"plain"},"max_items":1},"method":{"nesting_mode":"list","block":{"description_kind":"plain"},"max_items":1},"query_string":{"nesting_mode":"list","block":{"description_kind":"plain"},"max_items":1},"single_header":{"nesting_mode":"list","block":{"attributes":{"name":{"type":"string","description_kind":"plain","required":true}},"description_kind":"plain"},"max_items":1},"single_query_argument":{"nesting_mode":"list","block":{"attributes":{"name":{"type":"string","description_kind":"plain","required":true}},"description_kind":"plain"},"max_items":1},"uri_path":{"nesting_mode":"list","block":{"description_kind":"plain"},"max_items":1}},"description_kind":"plain"},"max_items":1},"text_transformation":{"nesting_mode":"set","block":{"attributes":{"priority":{"type":"number","description_kind":"plain","required":true},"type":{"type":"string","description_kind":"plain","required":true}},"description_kind":"plain"},"min_items":1}},"description_kind":"plain"},"max_items":1},"sqli_match_statement":{"nesting_mode":"list","block":{"block_types":{"field_to_match":{"nesting_mode":"list","block":{"block_types":{"all_query_arguments":{"nesting_mode":"list","block":{"description_kind":"plain"},"max_items":1},"body":{"nesting_mode":"list","block":{"description_kind":"plain"},"max_items":1},"method":{"nesting_mode":"list","block":{"description_kind":"plain"},"max_items":1},"query_string":{"nesting_mode":"list","block":{"description_kind":"plain"},"max_items":1},"single_header":{"nesting_mode":"list","block":{"attributes":{"name":{"type":"string","description_kind":"plain","required":true}},"description_kind":"plain"},"max_items":1},"single_query_argument":{"nesting_mode":"list","block":{"attributes":{"name":{"type":"string","description_kind":"plain","required":true}},"description_kind":"plain"},"max_items":1},"uri_path":{"nesting_mode":"list","block":{"description_kind":"plain"},"max_items":1}},"description_kind":"plain"},"max_items":1},"text_transformation":{"nesting_mode":"set","block":{"attributes":{"priority":{"type":"number","description_kind":"plain","required":true},"type":{"type":"string","description_kind":"plain","required":true}},"description_kind":"plain"},"min_items":1}},"description_kind":"plain"},"max_items":1},"xss_match_statement":{"nesting_mode":"list","block":{"block_types":{"field_to_match":{"nesting_mode":"list","block":{"block_types":{"all_query_arguments":{"nesting_mode":"list","block":{"description_kind":"plain"},"max_items":1},"body":{"nesting_mode":"list","block":{"description_kind":"plain"},"max_items":1},"method":{"nesting_mode":"list","block":{"description_kind":"plain"},"max_items":1},"query_string":{"nesting_mode":"list","block":{"description_kind":"plain"},"max_items":1},"single_header":{"nesting_mode":"list","block":{"attributes":{"name":{"type":"string","description_kind":"plain","required":true}},"description_kind":"plain"},"max_items":1},"single_query_argument":{"nesting_mode":"list","block":{"attributes":{"name":{"type":"string","description_kind":"plain","required":true}},"description_kind":"plain"},"max_items":1},"uri_path":{"nesting_mode":"list","block":{"description_kind":"plain"},"max_items":1}},"description_kind":"plain"},"max_items":1},"text_transformation":{"nesting_mode":"set","block":{"attributes":{"priority":{"type":"number","description_kind":"plain","required":true},"type":{"type":"string","description_kind":"plain","required":true}},"description_kind":"plain"},"min_items":1}},"description_kind":"plain"},"max_items":1}},"description_kind":"plain"},"min_items":1}},"description_kind":"plain"},"max_items":1},"regex_pattern_set_reference_statement":{"nesting_mode":"list","block":{"attributes":{"arn":{"type":"string","description_kind":"plain","required":true}},"block_types":{"field_to_match":{"nesting_mode":"list","block":{"block_types":{"all_query_arguments":{"nesting_mode":"list","block":{"description_kind":"plain"},"max_items":1},"body":{"nesting_mode":"list","block":{"description_kind":"plain"},"max_items":1},"method":{"nesting_mode":"list","block":{"description_kind":"plain"},"max_items":1},"query_string":{"nesting_mode":"list","block":{"description_kind":"plain"},"max_items":1},"single_header":{"nesting_mode":"list","block":{"attributes":{"name":{"type":"string","description_kind":"plain","required":true}},"description_kind":"plain"},"max_items":1},"single_query_argument":{"nesting_mode":"list","block":{"attributes":{"name":{"type":"string","description_kind":"plain","required":true}},"description_kind":"plain"},"max_items":1},"uri_path":{"nesting_mode":"list","block":{"description_kind":"plain"},"max_items":1}},"description_kind":"plain"},"max_items":1},"text_transformation":{"nesting_mode":"set","block":{"attributes":{"priority":{"type":"number","description_kind":"plain","required":true},"type":{"type":"string","description_kind":"plain","required":true}},"description_kind":"plain"},"min_items":1}},"description_kind":"plain"},"max_items":1},"size_constraint_statement":{"nesting_mode":"list","block":{"attributes":{"comparison_operator":{"type":"string","description_kind":"plain","required":true},"size":{"type":"number","description_kind":"plain","required":true}},"block_types":{"field_to_match":{"nesting_mode":"list","block":{"block_types":{"all_query_arguments":{"nesting_mode":"list","block":{"description_kind":"plain"},"max_items":1},"body":{"nesting_mode":"list","block":{"description_kind":"plain"},"max_items":1},"method":{"nesting_mode":"list","block":{"description_kind":"plain"},"max_items":1},"query_string":{"nesting_mode":"list","block":{"description_kind":"plain"},"max_items":1},"single_header":{"nesting_mode":"list","block":{"attributes":{"name":{"type":"string","description_kind":"plain","required":true}},"description_kind":"plain"},"max_items":1},"single_query_argument":{"nesting_mode":"list","block":{"attributes":{"name":{"type":"string","description_kind":"plain","required":true}},"description_kind":"plain"},"max_items":1},"uri_path":{"nesting_mode":"list","block":{"description_kind":"plain"},"max_items":1}},"description_kind":"plain"},"max_items":1},"text_transformation":{"nesting_mode":"set","block":{"attributes":{"priority":{"type":"number","description_kind":"plain","required":true},"type":{"type":"string","description_kind":"plain","required":true}},"description_kind":"plain"},"min_items":1}},"description_kind":"plain"},"max_items":1},"sqli_match_statement":{"nesting_mode":"list","block":{"block_types":{"field_to_match":{"nesting_mode":"list","block":{"block_types":{"all_query_arguments":{"nesting_mode":"list","block":{"description_kind":"plain"},"max_items":1},"body":{"nesting_mode":"list","block":{"description_kind":"plain"},"max_items":1},"method":{"nesting_mode":"list","block":{"description_kind":"plain"},"max_items":1},"query_string":{"nesting_mode":"list","block":{"description_kind":"plain"},"max_items":1},"single_header":{"nesting_mode":"list","block":{"attributes":{"name":{"type":"string","description_kind":"plain","required":true}},"description_kind":"plain"},"max_items":1},"single_query_argument":{"nesting_mode":"list","block":{"attributes":{"name":{"type":"string","description_kind":"plain","required":true}},"description_kind":"plain"},"max_items":1},"uri_path":{"nesting_mode":"list","block":{"description_kind":"plain"},"max_items":1}},"description_kind":"plain"},"max_items":1},"text_transformation":{"nesting_mode":"set","block":{"attributes":{"priority":{"type":"number","description_kind":"plain","required":true},"type":{"type":"string","description_kind":"plain","required":true}},"description_kind":"plain"},"min_items":1}},"description_kind":"plain"},"max_items":1},"xss_match_statement":{"nesting_mode":"list","block":{"block_types":{"field_to_match":{"nesting_mode":"list","block":{"block_types":{"all_query_arguments":{"nesting_mode":"list","block":{"description_kind":"plain"},"max_items":1},"body":{"nesting_mode":"list","block":{"description_kind":"plain"},"max_items":1},"method":{"nesting_mode":"list","block":{"description_kind":"plain"},"max_items":1},"query_string":{"nesting_mode":"list","block":{"description_kind":"plain"},"max_items":1},"single_header":{"nesting_mode":"list","block":{"attributes":{"name":{"type":"string","description_kind":"plain","required":true}},"description_kind":"plain"},"max_items":1},"single_query_argument":{"nesting_mode":"list","block":{"attributes":{"name":{"type":"string","description_kind":"plain","required":true}},"description_kind":"plain"},"max_items":1},"uri_path":{"nesting_mode":"list","block":{"description_kind":"plain"},"max_items":1}},"description_kind":"plain"},"max_items":1},"text_transformation":{"nesting_mode":"set","block":{"attributes":{"priority":{"type":"number","description_kind":"plain","required":true},"type":{"type":"string","description_kind":"plain","required":true}},"description_kind":"plain"},"min_items":1}},"description_kind":"plain"},"max_items":1}},"description_kind":"plain"},"min_items":1}},"description_kind":"plain"},"max_items":1},"regex_pattern_set_reference_statement":{"nesting_mode":"list","block":{"attributes":{"arn":{"type":"string","description_kind":"plain","required":true}},"block_types":{"field_to_match":{"nesting_mode":"list","block":{"block_types":{"all_query_arguments":{"nesting_mode":"list","block":{"description_kind":"plain"},"max_items":1},"body":{"nesting_mode":"list","block":{"description_kind":"plain"},"max_items":1},"method":{"nesting_mode":"list","block":{"description_kind":"plain"},"max_items":1},"query_string":{"nesting_mode":"list","block":{"description_kind":"plain"},"max_items":1},"single_header":{"nesting_mode":"list","block":{"attributes":{"name":{"type":"string","description_kind":"plain","required":true}},"description_kind":"plain"},"max_items":1},"single_query_argument":{"nesting_mode":"list","block":{"attributes":{"name":{"type":"string","description_kind":"plain","required":true}},"description_kind":"plain"},"max_items":1},"uri_path":{"nesting_mode":"list","block":{"description_kind":"plain"},"max_items":1}},"description_kind":"plain"},"max_items":1},"text_transformation":{"nesting_mode":"set","block":{"attributes":{"priority":{"type":"number","description_kind":"plain","required":true},"type":{"type":"string","description_kind":"plain","required":true}},"description_kind":"plain"},"min_items":1}},"description_kind":"plain"},"max_items":1},"size_constraint_statement":{"nesting_mode":"list","block":{"attributes":{"comparison_operator":{"type":"string","description_kind":"plain","required":true},"size":{"type":"number","description_kind":"plain","required":true}},"block_types":{"field_to_match":{"nesting_mode":"list","block":{"block_types":{"all_query_arguments":{"nesting_mode":"list","block":{"description_kind":"plain"},"max_items":1},"body":{"nesting_mode":"list","block":{"description_kind":"plain"},"max_items":1},"method":{"nesting_mode":"list","block":{"description_kind":"plain"},"max_items":1},"query_string":{"nesting_mode":"list","block":{"description_kind":"plain"},"max_items":1},"single_header":{"nesting_mode":"list","block":{"attributes":{"name":{"type":"string","description_kind":"plain","required":true}},"description_kind":"plain"},"max_items":1},"single_query_argument":{"nesting_mode":"list","block":{"attributes":{"name":{"type":"string","description_kind":"plain","required":true}},"description_kind":"plain"},"max_items":1},"uri_path":{"nesting_mode":"list","block":{"description_kind":"plain"},"max_items":1}},"description_kind":"plain"},"max_items":1},"text_transformation":{"nesting_mode":"set","block":{"attributes":{"priority":{"type":"number","description_kind":"plain","required":true},"type":{"type":"string","description_kind":"plain","required":true}},"description_kind":"plain"},"min_items":1}},"description_kind":"plain"},"max_items":1},"sqli_match_statement":{"nesting_mode":"list","block":{"block_types":{"field_to_match":{"nesting_mode":"list","block":{"block_types":{"all_query_arguments":{"nesting_mode":"list","block":{"description_kind":"plain"},"max_items":1},"body":{"nesting_mode":"list","block":{"description_kind":"plain"},"max_items":1},"method":{"nesting_mode":"list","block":{"description_kind":"plain"},"max_items":1},"query_string":{"nesting_mode":"list","block":{"description_kind":"plain"},"max_items":1},"single_header":{"nesting_mode":"list","block":{"attributes":{"name":{"type":"string","description_kind":"plain","required":true}},"description_kind":"plain"},"max_items":1},"single_query_argument":{"nesting_mode":"list","block":{"attributes":{"name":{"type":"string","description_kind":"plain","required":true}},"description_kind":"plain"},"max_items":1},"uri_path":{"nesting_mode":"list","block":{"description_kind":"plain"},"max_items":1}},"description_kind":"plain"},"max_items":1},"text_transformation":{"nesting_mode":"set","block":{"attributes":{"priority":{"type":"number","description_kind":"plain","required":true},"type":{"type":"string","description_kind":"plain","required":true}},"description_kind":"plain"},"min_items":1}},"description_kind":"plain"},"max_items":1},"xss_match_statement":{"nesting_mode":"list","block":{"block_types":{"field_to_match":{"nesting_mode":"list","block":{"block_types":{"all_query_arguments":{"nesting_mode":"list","block":{"description_kind":"plain"},"max_items":1},"body":{"nesting_mode":"list","block":{"description_kind":"plain"},"max_items":1},"method":{"nesting_mode":"list","block":{"description_kind":"plain"},"max_items":1},"query_string":{"nesting_mode":"list","block":{"description_kind":"plain"},"max_items":1},"single_header":{"nesting_mode":"list","block":{"attributes":{"name":{"type":"string","description_kind":"plain","required":true}},"description_kind":"plain"},"max_items":1},"single_query_argument":{"nesting_mode":"list","block":{"attributes":{"name":{"type":"string","description_kind":"plain","required":true}},"description_kind":"plain"},"max_items":1},"uri_path":{"nesting_mode":"list","block":{"description_kind":"plain"},"max_items":1}},"description_kind":"plain"},"max_items":1},"text_transformation":{"nesting_mode":"set","block":{"attributes":{"priority":{"type":"number","description_kind":"plain","required":true},"type":{"type":"string","description_kind":"plain","required":true}},"description_kind":"plain"},"min_items":1}},"description_kind":"plain"},"max_items":1}},"description_kind":"plain"},"min_items":1}},"description_kind":"plain"},"max_items":1},"or_statement":{"nesting_mode":"list","block":{"block_types":{"statement":{"nesting_mode":"list","block":{"block_types":{"and_statement":{"nesting_mode":"list","block":{"block_types":{"statement":{"nesting_mode":"list","block":{"block_types":{"and_statement":{"nesting_mode":"list","block":{"block_types":{"statement":{"nesting_mode":"list","block":{"block_types":{"byte_match_statement":{"nesting_mode":"list","block":{"attributes":{"positional_constraint":{"type":"string","description_kind":"plain","required":true},"search_string":{"type":"string","description_kind":"plain","required":true}},"block_types":{"field_to_match":{"nesting_mode":"list","block":{"block_types":{"all_query_arguments":{"nesting_mode":"list","block":{"description_kind":"plain"},"max_items":1},"body":{"nesting_mode":"list","block":{"description_kind":"plain"},"max_items":1},"method":{"nesting_mode":"list","block":{"description_kind":"plain"},"max_items":1},"query_string":{"nesting_mode":"list","block":{"description_kind":"plain"},"max_items":1},"single_header":{"nesting_mode":"list","block":{"attributes":{"name":{"type":"string","description_kind":"plain","required":true}},"description_kind":"plain"},"max_items":1},"single_query_argument":{"nesting_mode":"list","block":{"attributes":{"name":{"type":"string","description_kind":"plain","required":true}},"description_kind":"plain"},"max_items":1},"uri_path":{"nesting_mode":"list","block":{"description_kind":"plain"},"max_items":1}},"description_kind":"plain"},"max_items":1},"text_transformation":{"nesting_mode":"set","block":{"attributes":{"priority":{"type":"number","description_kind":"plain","required":true},"type":{"type":"string","description_kind":"plain","required":true}},"description_kind":"plain"},"min_items":1}},"description_kind":"plain"},"max_items":1},"geo_match_statement":{"nesting_mode":"list","block":{"attributes":{"country_codes":{"type":["list","string"],"description_kind":"plain","required":true}},"block_types":{"forwarded_ip_config":{"nesting_mode":"list","block":{"attributes":{"fallback_behavior":{"type":"string","description_kind":"plain","required":true},"header_name":{"type":"string","description_kind":"plain","required":true}},"description_kind":"plain"},"max_items":1}},"description_kind":"plain"},"max_items":1},"ip_set_reference_statement":{"nesting_mode":"list","block":{"attributes":{"arn":{"type":"string","description_kind":"plain","required":true}},"block_types":{"ip_set_forwarded_ip_config":{"nesting_mode":"list","block":{"attributes":{"fallback_behavior":{"type":"string","description_kind":"plain","required":true},"header_name":{"type":"string","description_kind":"plain","required":true},"position":{"type":"string","description_kind":"plain","required":true}},"description_kind":"plain"},"max_items":1}},"description_kind":"plain"},"max_items":1},"regex_pattern_set_reference_statement":{"nesting_mode":"list","block":{"attributes":{"arn":{"type":"string","description_kind":"plain","required":true}},"block_types":{"field_to_match":{"nesting_mode":"list","block":{"block_types":{"all_query_arguments":{"nesting_mode":"list","block":{"description_kind":"plain"},"max_items":1},"body":{"nesting_mode":"list","block":{"description_kind":"plain"},"max_items":1},"method":{"nesting_mode":"list","block":{"description_kind":"plain"},"max_items":1},"query_string":{"nesting_mode":"list","block":{"description_kind":"plain"},"max_items":1},"single_header":{"nesting_mode":"list","block":{"attributes":{"name":{"type":"string","description_kind":"plain","required":true}},"description_kind":"plain"},"max_items":1},"single_query_argument":{"nesting_mode":"list","block":{"attributes":{"name":{"type":"string","description_kind":"plain","required":true}},"description_kind":"plain"},"max_items":1},"uri_path":{"nesting_mode":"list","block":{"description_kind":"plain"},"max_items":1}},"description_kind":"plain"},"max_items":1},"text_transformation":{"nesting_mode":"set","block":{"attributes":{"priority":{"type":"number","description_kind":"plain","required":true},"type":{"type":"string","description_kind":"plain","required":true}},"description_kind":"plain"},"min_items":1}},"description_kind":"plain"},"max_items":1},"size_constraint_statement":{"nesting_mode":"list","block":{"attributes":{"comparison_operator":{"type":"string","description_kind":"plain","required":true},"size":{"type":"number","description_kind":"plain","required":true}},"block_types":{"field_to_match":{"nesting_mode":"list","block":{"block_types":{"all_query_arguments":{"nesting_mode":"list","block":{"description_kind":"plain"},"max_items":1},"body":{"nesting_mode":"list","block":{"description_kind":"plain"},"max_items":1},"method":{"nesting_mode":"list","block":{"description_kind":"plain"},"max_items":1},"query_string":{"nesting_mode":"list","block":{"description_kind":"plain"},"max_items":1},"single_header":{"nesting_mode":"list","block":{"attributes":{"name":{"type":"string","description_kind":"plain","required":true}},"description_kind":"plain"},"max_items":1},"single_query_argument":{"nesting_mode":"list","block":{"attributes":{"name":{"type":"string","description_kind":"plain","required":true}},"description_kind":"plain"},"max_items":1},"uri_path":{"nesting_mode":"list","block":{"description_kind":"plain"},"max_items":1}},"description_kind":"plain"},"max_items":1},"text_transformation":{"nesting_mode":"set","block":{"attributes":{"priority":{"type":"number","description_kind":"plain","required":true},"type":{"type":"string","description_kind":"plain","required":true}},"description_kind":"plain"},"min_items":1}},"description_kind":"plain"},"max_items":1},"sqli_match_statement":{"nesting_mode":"list","block":{"block_types":{"field_to_match":{"nesting_mode":"list","block":{"block_types":{"all_query_arguments":{"nesting_mode":"list","block":{"description_kind":"plain"},"max_items":1},"body":{"nesting_mode":"list","block":{"description_kind":"plain"},"max_items":1},"method":{"nesting_mode":"list","block":{"description_kind":"plain"},"max_items":1},"query_string":{"nesting_mode":"list","block":{"description_kind":"plain"},"max_items":1},"single_header":{"nesting_mode":"list","block":{"attributes":{"name":{"type":"string","description_kind":"plain","required":true}},"description_kind":"plain"},"max_items":1},"single_query_argument":{"nesting_mode":"list","block":{"attributes":{"name":{"type":"string","description_kind":"plain","required":true}},"description_kind":"plain"},"max_items":1},"uri_path":{"nesting_mode":"list","block":{"description_kind":"plain"},"max_items":1}},"description_kind":"plain"},"max_items":1},"text_transformation":{"nesting_mode":"set","block":{"attributes":{"priority":{"type":"number","description_kind":"plain","required":true},"type":{"type":"string","description_kind":"plain","required":true}},"description_kind":"plain"},"min_items":1}},"description_kind":"plain"},"max_items":1},"xss_match_statement":{"nesting_mode":"list","block":{"block_types":{"field_to_match":{"nesting_mode":"list","block":{"block_types":{"all_query_arguments":{"nesting_mode":"list","block":{"description_kind":"plain"},"max_items":1},"body":{"nesting_mode":"list","block":{"description_kind":"plain"},"max_items":1},"method":{"nesting_mode":"list","block":{"description_kind":"plain"},"max_items":1},"query_string":{"nesting_mode":"list","block":{"description_kind":"plain"},"max_items":1},"single_header":{"nesting_mode":"list","block":{"attributes":{"name":{"type":"string","description_kind":"plain","required":true}},"description_kind":"plain"},"max_items":1},"single_query_argument":{"nesting_mode":"list","block":{"attributes":{"name":{"type":"string","description_kind":"plain","required":true}},"description_kind":"plain"},"max_items":1},"uri_path":{"nesting_mode":"list","block":{"description_kind":"plain"},"max_items":1}},"description_kind":"plain"},"max_items":1},"text_transformation":{"nesting_mode":"set","block":{"attributes":{"priority":{"type":"number","description_kind":"plain","required":true},"type":{"type":"string","description_kind":"plain","required":true}},"description_kind":"plain"},"min_items":1}},"description_kind":"plain"},"max_items":1}},"description_kind":"plain"},"min_items":1}},"description_kind":"plain"},"max_items":1},"byte_match_statement":{"nesting_mode":"list","block":{"attributes":{"positional_constraint":{"type":"string","description_kind":"plain","required":true},"search_string":{"type":"string","description_kind":"plain","required":true}},"block_types":{"field_to_match":{"nesting_mode":"list","block":{"block_types":{"all_query_arguments":{"nesting_mode":"list","block":{"description_kind":"plain"},"max_items":1},"body":{"nesting_mode":"list","block":{"description_kind":"plain"},"max_items":1},"method":{"nesting_mode":"list","block":{"description_kind":"plain"},"max_items":1},"query_string":{"nesting_mode":"list","block":{"description_kind":"plain"},"max_items":1},"single_header":{"nesting_mode":"list","block":{"attributes":{"name":{"type":"string","description_kind":"plain","required":true}},"description_kind":"plain"},"max_items":1},"single_query_argument":{"nesting_mode":"list","block":{"attributes":{"name":{"type":"string","description_kind":"plain","required":true}},"description_kind":"plain"},"max_items":1},"uri_path":{"nesting_mode":"list","block":{"description_kind":"plain"},"max_items":1}},"description_kind":"plain"},"max_items":1},"text_transformation":{"nesting_mode":"set","block":{"attributes":{"priority":{"type":"number","description_kind":"plain","required":true},"type":{"type":"string","description_kind":"plain","required":true}},"description_kind":"plain"},"min_items":1}},"description_kind":"plain"},"max_items":1},"geo_match_statement":{"nesting_mode":"list","block":{"attributes":{"country_codes":{"type":["list","string"],"description_kind":"plain","required":true}},"block_types":{"forwarded_ip_config":{"nesting_mode":"list","block":{"attributes":{"fallback_behavior":{"type":"string","description_kind":"plain","required":true},"header_name":{"type":"string","description_kind":"plain","required":true}},"description_kind":"plain"},"max_items":1}},"description_kind":"plain"},"max_items":1},"ip_set_reference_statement":{"nesting_mode":"list","block":{"attributes":{"arn":{"type":"string","description_kind":"plain","required":true}},"block_types":{"ip_set_forwarded_ip_config":{"nesting_mode":"list","block":{"attributes":{"fallback_behavior":{"type":"string","description_kind":"plain","required":true},"header_name":{"type":"string","description_kind":"plain","required":true},"position":{"type":"string","description_kind":"plain","required":true}},"description_kind":"plain"},"max_items":1}},"description_kind":"plain"},"max_items":1},"not_statement":{"nesting_mode":"list","block":{"block_types":{"statement":{"nesting_mode":"list","block":{"block_types":{"byte_match_statement":{"nesting_mode":"list","block":{"attributes":{"positional_constraint":{"type":"string","description_kind":"plain","required":true},"search_string":{"type":"string","description_kind":"plain","required":true}},"block_types":{"field_to_match":{"nesting_mode":"list","block":{"block_types":{"all_query_arguments":{"nesting_mode":"list","block":{"description_kind":"plain"},"max_items":1},"body":{"nesting_mode":"list","block":{"description_kind":"plain"},"max_items":1},"method":{"nesting_mode":"list","block":{"description_kind":"plain"},"max_items":1},"query_string":{"nesting_mode":"list","block":{"description_kind":"plain"},"max_items":1},"single_header":{"nesting_mode":"list","block":{"attributes":{"name":{"type":"string","description_kind":"plain","required":true}},"description_kind":"plain"},"max_items":1},"single_query_argument":{"nesting_mode":"list","block":{"attributes":{"name":{"type":"string","description_kind":"plain","required":true}},"description_kind":"plain"},"max_items":1},"uri_path":{"nesting_mode":"list","block":{"description_kind":"plain"},"max_items":1}},"description_kind":"plain"},"max_items":1},"text_transformation":{"nesting_mode":"set","block":{"attributes":{"priority":{"type":"number","description_kind":"plain","required":true},"type":{"type":"string","description_kind":"plain","required":true}},"description_kind":"plain"},"min_items":1}},"description_kind":"plain"},"max_items":1},"geo_match_statement":{"nesting_mode":"list","block":{"attributes":{"country_codes":{"type":["list","string"],"description_kind":"plain","required":true}},"block_types":{"forwarded_ip_config":{"nesting_mode":"list","block":{"attributes":{"fallback_behavior":{"type":"string","description_kind":"plain","required":true},"header_name":{"type":"string","description_kind":"plain","required":true}},"description_kind":"plain"},"max_items":1}},"description_kind":"plain"},"max_items":1},"ip_set_reference_statement":{"nesting_mode":"list","block":{"attributes":{"arn":{"type":"string","description_kind":"plain","required":true}},"block_types":{"ip_set_forwarded_ip_config":{"nesting_mode":"list","block":{"attributes":{"fallback_behavior":{"type":"string","description_kind":"plain","required":true},"header_name":{"type":"string","description_kind":"plain","required":true},"position":{"type":"string","description_kind":"plain","required":true}},"description_kind":"plain"},"max_items":1}},"description_kind":"plain"},"max_items":1},"regex_pattern_set_reference_statement":{"nesting_mode":"list","block":{"attributes":{"arn":{"type":"string","description_kind":"plain","required":true}},"block_types":{"field_to_match":{"nesting_mode":"list","block":{"block_types":{"all_query_arguments":{"nesting_mode":"list","block":{"description_kind":"plain"},"max_items":1},"body":{"nesting_mode":"list","block":{"description_kind":"plain"},"max_items":1},"method":{"nesting_mode":"list","block":{"description_kind":"plain"},"max_items":1},"query_string":{"nesting_mode":"list","block":{"description_kind":"plain"},"max_items":1},"single_header":{"nesting_mode":"list","block":{"attributes":{"name":{"type":"string","description_kind":"plain","required":true}},"description_kind":"plain"},"max_items":1},"single_query_argument":{"nesting_mode":"list","block":{"attributes":{"name":{"type":"string","description_kind":"plain","required":true}},"description_kind":"plain"},"max_items":1},"uri_path":{"nesting_mode":"list","block":{"description_kind":"plain"},"max_items":1}},"description_kind":"plain"},"max_items":1},"text_transformation":{"nesting_mode":"set","block":{"attributes":{"priority":{"type":"number","description_kind":"plain","required":true},"type":{"type":"string","description_kind":"plain","required":true}},"description_kind":"plain"},"min_items":1}},"description_kind":"plain"},"max_items":1},"size_constraint_statement":{"nesting_mode":"list","block":{"attributes":{"comparison_operator":{"type":"string","description_kind":"plain","required":true},"size":{"type":"number","description_kind":"plain","required":true}},"block_types":{"field_to_match":{"nesting_mode":"list","block":{"block_types":{"all_query_arguments":{"nesting_mode":"list","block":{"description_kind":"plain"},"max_items":1},"body":{"nesting_mode":"list","block":{"description_kind":"plain"},"max_items":1},"method":{"nesting_mode":"list","block":{"description_kind":"plain"},"max_items":1},"query_string":{"nesting_mode":"list","block":{"description_kind":"plain"},"max_items":1},"single_header":{"nesting_mode":"list","block":{"attributes":{"name":{"type":"string","description_kind":"plain","required":true}},"description_kind":"plain"},"max_items":1},"single_query_argument":{"nesting_mode":"list","block":{"attributes":{"name":{"type":"string","description_kind":"plain","required":true}},"description_kind":"plain"},"max_items":1},"uri_path":{"nesting_mode":"list","block":{"description_kind":"plain"},"max_items":1}},"description_kind":"plain"},"max_items":1},"text_transformation":{"nesting_mode":"set","block":{"attributes":{"priority":{"type":"number","description_kind":"plain","required":true},"type":{"type":"string","description_kind":"plain","required":true}},"description_kind":"plain"},"min_items":1}},"description_kind":"plain"},"max_items":1},"sqli_match_statement":{"nesting_mode":"list","block":{"block_types":{"field_to_match":{"nesting_mode":"list","block":{"block_types":{"all_query_arguments":{"nesting_mode":"list","block":{"description_kind":"plain"},"max_items":1},"body":{"nesting_mode":"list","block":{"description_kind":"plain"},"max_items":1},"method":{"nesting_mode":"list","block":{"description_kind":"plain"},"max_items":1},"query_string":{"nesting_mode":"list","block":{"description_kind":"plain"},"max_items":1},"single_header":{"nesting_mode":"list","block":{"attributes":{"name":{"type":"string","description_kind":"plain","required":true}},"description_kind":"plain"},"max_items":1},"single_query_argument":{"nesting_mode":"list","block":{"attributes":{"name":{"type":"string","description_kind":"plain","required":true}},"description_kind":"plain"},"max_items":1},"uri_path":{"nesting_mode":"list","block":{"description_kind":"plain"},"max_items":1}},"description_kind":"plain"},"max_items":1},"text_transformation":{"nesting_mode":"set","block":{"attributes":{"priority":{"type":"number","description_kind":"plain","required":true},"type":{"type":"string","description_kind":"plain","required":true}},"description_kind":"plain"},"min_items":1}},"description_kind":"plain"},"max_items":1},"xss_match_statement":{"nesting_mode":"list","block":{"block_types":{"field_to_match":{"nesting_mode":"list","block":{"block_types":{"all_query_arguments":{"nesting_mode":"list","block":{"description_kind":"plain"},"max_items":1},"body":{"nesting_mode":"list","block":{"description_kind":"plain"},"max_items":1},"method":{"nesting_mode":"list","block":{"description_kind":"plain"},"max_items":1},"query_string":{"nesting_mode":"list","block":{"description_kind":"plain"},"max_items":1},"single_header":{"nesting_mode":"list","block":{"attributes":{"name":{"type":"string","description_kind":"plain","required":true}},"description_kind":"plain"},"max_items":1},"single_query_argument":{"nesting_mode":"list","block":{"attributes":{"name":{"type":"string","description_kind":"plain","required":true}},"description_kind":"plain"},"max_items":1},"uri_path":{"nesting_mode":"list","block":{"description_kind":"plain"},"max_items":1}},"description_kind":"plain"},"max_items":1},"text_transformation":{"nesting_mode":"set","block":{"attributes":{"priority":{"type":"number","description_kind":"plain","required":true},"type":{"type":"string","description_kind":"plain","required":true}},"description_kind":"plain"},"min_items":1}},"description_kind":"plain"},"max_items":1}},"description_kind":"plain"},"min_items":1}},"description_kind":"plain"},"max_items":1},"or_statement":{"nesting_mode":"list","block":{"block_types":{"statement":{"nesting_mode":"list","block":{"block_types":{"byte_match_statement":{"nesting_mode":"list","block":{"attributes":{"positional_constraint":{"type":"string","description_kind":"plain","required":true},"search_string":{"type":"string","description_kind":"plain","required":true}},"block_types":{"field_to_match":{"nesting_mode":"list","block":{"block_types":{"all_query_arguments":{"nesting_mode":"list","block":{"description_kind":"plain"},"max_items":1},"body":{"nesting_mode":"list","block":{"description_kind":"plain"},"max_items":1},"method":{"nesting_mode":"list","block":{"description_kind":"plain"},"max_items":1},"query_string":{"nesting_mode":"list","block":{"description_kind":"plain"},"max_items":1},"single_header":{"nesting_mode":"list","block":{"attributes":{"name":{"type":"string","description_kind":"plain","required":true}},"description_kind":"plain"},"max_items":1},"single_query_argument":{"nesting_mode":"list","block":{"attributes":{"name":{"type":"string","description_kind":"plain","required":true}},"description_kind":"plain"},"max_items":1},"uri_path":{"nesting_mode":"list","block":{"description_kind":"plain"},"max_items":1}},"description_kind":"plain"},"max_items":1},"text_transformation":{"nesting_mode":"set","block":{"attributes":{"priority":{"type":"number","description_kind":"plain","required":true},"type":{"type":"string","description_kind":"plain","required":true}},"description_kind":"plain"},"min_items":1}},"description_kind":"plain"},"max_items":1},"geo_match_statement":{"nesting_mode":"list","block":{"attributes":{"country_codes":{"type":["list","string"],"description_kind":"plain","required":true}},"block_types":{"forwarded_ip_config":{"nesting_mode":"list","block":{"attributes":{"fallback_behavior":{"type":"string","description_kind":"plain","required":true},"header_name":{"type":"string","description_kind":"plain","required":true}},"description_kind":"plain"},"max_items":1}},"description_kind":"plain"},"max_items":1},"ip_set_reference_statement":{"nesting_mode":"list","block":{"attributes":{"arn":{"type":"string","description_kind":"plain","required":true}},"block_types":{"ip_set_forwarded_ip_config":{"nesting_mode":"list","block":{"attributes":{"fallback_behavior":{"type":"string","description_kind":"plain","required":true},"header_name":{"type":"string","description_kind":"plain","required":true},"position":{"type":"string","description_kind":"plain","required":true}},"description_kind":"plain"},"max_items":1}},"description_kind":"plain"},"max_items":1},"regex_pattern_set_reference_statement":{"nesting_mode":"list","block":{"attributes":{"arn":{"type":"string","description_kind":"plain","required":true}},"block_types":{"field_to_match":{"nesting_mode":"list","block":{"block_types":{"all_query_arguments":{"nesting_mode":"list","block":{"description_kind":"plain"},"max_items":1},"body":{"nesting_mode":"list","block":{"description_kind":"plain"},"max_items":1},"method":{"nesting_mode":"list","block":{"description_kind":"plain"},"max_items":1},"query_string":{"nesting_mode":"list","block":{"description_kind":"plain"},"max_items":1},"single_header":{"nesting_mode":"list","block":{"attributes":{"name":{"type":"string","description_kind":"plain","required":true}},"description_kind":"plain"},"max_items":1},"single_query_argument":{"nesting_mode":"list","block":{"attributes":{"name":{"type":"string","description_kind":"plain","required":true}},"description_kind":"plain"},"max_items":1},"uri_path":{"nesting_mode":"list","block":{"description_kind":"plain"},"max_items":1}},"description_kind":"plain"},"max_items":1},"text_transformation":{"nesting_mode":"set","block":{"attributes":{"priority":{"type":"number","description_kind":"plain","required":true},"type":{"type":"string","description_kind":"plain","required":true}},"description_kind":"plain"},"min_items":1}},"description_kind":"plain"},"max_items":1},"size_constraint_statement":{"nesting_mode":"list","block":{"attributes":{"comparison_operator":{"type":"string","description_kind":"plain","required":true},"size":{"type":"number","description_kind":"plain","required":true}},"block_types":{"field_to_match":{"nesting_mode":"list","block":{"block_types":{"all_query_arguments":{"nesting_mode":"list","block":{"description_kind":"plain"},"max_items":1},"body":{"nesting_mode":"list","block":{"description_kind":"plain"},"max_items":1},"method":{"nesting_mode":"list","block":{"description_kind":"plain"},"max_items":1},"query_string":{"nesting_mode":"list","block":{"description_kind":"plain"},"max_items":1},"single_header":{"nesting_mode":"list","block":{"attributes":{"name":{"type":"string","description_kind":"plain","required":true}},"description_kind":"plain"},"max_items":1},"single_query_argument":{"nesting_mode":"list","block":{"attributes":{"name":{"type":"string","description_kind":"plain","required":true}},"description_kind":"plain"},"max_items":1},"uri_path":{"nesting_mode":"list","block":{"description_kind":"plain"},"max_items":1}},"description_kind":"plain"},"max_items":1},"text_transformation":{"nesting_mode":"set","block":{"attributes":{"priority":{"type":"number","description_kind":"plain","required":true},"type":{"type":"string","description_kind":"plain","required":true}},"description_kind":"plain"},"min_items":1}},"description_kind":"plain"},"max_items":1},"sqli_match_statement":{"nesting_mode":"list","block":{"block_types":{"field_to_match":{"nesting_mode":"list","block":{"block_types":{"all_query_arguments":{"nesting_mode":"list","block":{"description_kind":"plain"},"max_items":1},"body":{"nesting_mode":"list","block":{"description_kind":"plain"},"max_items":1},"method":{"nesting_mode":"list","block":{"description_kind":"plain"},"max_items":1},"query_string":{"nesting_mode":"list","block":{"description_kind":"plain"},"max_items":1},"single_header":{"nesting_mode":"list","block":{"attributes":{"name":{"type":"string","description_kind":"plain","required":true}},"description_kind":"plain"},"max_items":1},"single_query_argument":{"nesting_mode":"list","block":{"attributes":{"name":{"type":"string","description_kind":"plain","required":true}},"description_kind":"plain"},"max_items":1},"uri_path":{"nesting_mode":"list","block":{"description_kind":"plain"},"max_items":1}},"description_kind":"plain"},"max_items":1},"text_transformation":{"nesting_mode":"set","block":{"attributes":{"priority":{"type":"number","description_kind":"plain","required":true},"type":{"type":"string","description_kind":"plain","required":true}},"description_kind":"plain"},"min_items":1}},"description_kind":"plain"},"max_items":1},"xss_match_statement":{"nesting_mode":"list","block":{"block_types":{"field_to_match":{"nesting_mode":"list","block":{"block_types":{"all_query_arguments":{"nesting_mode":"list","block":{"description_kind":"plain"},"max_items":1},"body":{"nesting_mode":"list","block":{"description_kind":"plain"},"max_items":1},"method":{"nesting_mode":"list","block":{"description_kind":"plain"},"max_items":1},"query_string":{"nesting_mode":"list","block":{"description_kind":"plain"},"max_items":1},"single_header":{"nesting_mode":"list","block":{"attributes":{"name":{"type":"string","description_kind":"plain","required":true}},"description_kind":"plain"},"max_items":1},"single_query_argument":{"nesting_mode":"list","block":{"attributes":{"name":{"type":"string","description_kind":"plain","required":true}},"description_kind":"plain"},"max_items":1},"uri_path":{"nesting_mode":"list","block":{"description_kind":"plain"},"max_items":1}},"description_kind":"plain"},"max_items":1},"text_transformation":{"nesting_mode":"set","block":{"attributes":{"priority":{"type":"number","description_kind":"plain","required":true},"type":{"type":"string","description_kind":"plain","required":true}},"description_kind":"plain"},"min_items":1}},"description_kind":"plain"},"max_items":1}},"description_kind":"plain"},"min_items":1}},"description_kind":"plain"},"max_items":1},"regex_pattern_set_reference_statement":{"nesting_mode":"list","block":{"attributes":{"arn":{"type":"string","description_kind":"plain","required":true}},"block_types":{"field_to_match":{"nesting_mode":"list","block":{"block_types":{"all_query_arguments":{"nesting_mode":"list","block":{"description_kind":"plain"},"max_items":1},"body":{"nesting_mode":"list","block":{"description_kind":"plain"},"max_items":1},"method":{"nesting_mode":"list","block":{"description_kind":"plain"},"max_items":1},"query_string":{"nesting_mode":"list","block":{"description_kind":"plain"},"max_items":1},"single_header":{"nesting_mode":"list","block":{"attributes":{"name":{"type":"string","description_kind":"plain","required":true}},"description_kind":"plain"},"max_items":1},"single_query_argument":{"nesting_mode":"list","block":{"attributes":{"name":{"type":"string","description_kind":"plain","required":true}},"description_kind":"plain"},"max_items":1},"uri_path":{"nesting_mode":"list","block":{"description_kind":"plain"},"max_items":1}},"description_kind":"plain"},"max_items":1},"text_transformation":{"nesting_mode":"set","block":{"attributes":{"priority":{"type":"number","description_kind":"plain","required":true},"type":{"type":"string","description_kind":"plain","required":true}},"description_kind":"plain"},"min_items":1}},"description_kind":"plain"},"max_items":1},"size_constraint_statement":{"nesting_mode":"list","block":{"attributes":{"comparison_operator":{"type":"string","description_kind":"plain","required":true},"size":{"type":"number","description_kind":"plain","required":true}},"block_types":{"field_to_match":{"nesting_mode":"list","block":{"block_types":{"all_query_arguments":{"nesting_mode":"list","block":{"description_kind":"plain"},"max_items":1},"body":{"nesting_mode":"list","block":{"description_kind":"plain"},"max_items":1},"method":{"nesting_mode":"list","block":{"description_kind":"plain"},"max_items":1},"query_string":{"nesting_mode":"list","block":{"description_kind":"plain"},"max_items":1},"single_header":{"nesting_mode":"list","block":{"attributes":{"name":{"type":"string","description_kind":"plain","required":true}},"description_kind":"plain"},"max_items":1},"single_query_argument":{"nesting_mode":"list","block":{"attributes":{"name":{"type":"string","description_kind":"plain","required":true}},"description_kind":"plain"},"max_items":1},"uri_path":{"nesting_mode":"list","block":{"description_kind":"plain"},"max_items":1}},"description_kind":"plain"},"max_items":1},"text_transformation":{"nesting_mode":"set","block":{"attributes":{"priority":{"type":"number","description_kind":"plain","required":true},"type":{"type":"string","description_kind":"plain","required":true}},"description_kind":"plain"},"min_items":1}},"description_kind":"plain"},"max_items":1},"sqli_match_statement":{"nesting_mode":"list","block":{"block_types":{"field_to_match":{"nesting_mode":"list","block":{"block_types":{"all_query_arguments":{"nesting_mode":"list","block":{"description_kind":"plain"},"max_items":1},"body":{"nesting_mode":"list","block":{"description_kind":"plain"},"max_items":1},"method":{"nesting_mode":"list","block":{"description_kind":"plain"},"max_items":1},"query_string":{"nesting_mode":"list","block":{"description_kind":"plain"},"max_items":1},"single_header":{"nesting_mode":"list","block":{"attributes":{"name":{"type":"string","description_kind":"plain","required":true}},"description_kind":"plain"},"max_items":1},"single_query_argument":{"nesting_mode":"list","block":{"attributes":{"name":{"type":"string","description_kind":"plain","required":true}},"description_kind":"plain"},"max_items":1},"uri_path":{"nesting_mode":"list","block":{"description_kind":"plain"},"max_items":1}},"description_kind":"plain"},"max_items":1},"text_transformation":{"nesting_mode":"set","block":{"attributes":{"priority":{"type":"number","description_kind":"plain","required":true},"type":{"type":"string","description_kind":"plain","required":true}},"description_kind":"plain"},"min_items":1}},"description_kind":"plain"},"max_items":1},"xss_match_statement":{"nesting_mode":"list","block":{"block_types":{"field_to_match":{"nesting_mode":"list","block":{"block_types":{"all_query_arguments":{"nesting_mode":"list","block":{"description_kind":"plain"},"max_items":1},"body":{"nesting_mode":"list","block":{"description_kind":"plain"},"max_items":1},"method":{"nesting_mode":"list","block":{"description_kind":"plain"},"max_items":1},"query_string":{"nesting_mode":"list","block":{"description_kind":"plain"},"max_items":1},"single_header":{"nesting_mode":"list","block":{"attributes":{"name":{"type":"string","description_kind":"plain","required":true}},"description_kind":"plain"},"max_items":1},"single_query_argument":{"nesting_mode":"list","block":{"attributes":{"name":{"type":"string","description_kind":"plain","required":true}},"description_kind":"plain"},"max_items":1},"uri_path":{"nesting_mode":"list","block":{"description_kind":"plain"},"max_items":1}},"description_kind":"plain"},"max_items":1},"text_transformation":{"nesting_mode":"set","block":{"attributes":{"priority":{"type":"number","description_kind":"plain","required":true},"type":{"type":"string","description_kind":"plain","required":true}},"description_kind":"plain"},"min_items":1}},"description_kind":"plain"},"max_items":1}},"description_kind":"plain"},"min_items":1}},"description_kind":"plain"},"max_items":1},"byte_match_statement":{"nesting_mode":"list","block":{"attributes":{"positional_constraint":{"type":"string","description_kind":"plain","required":true},"search_string":{"type":"string","description_kind":"plain","required":true}},"block_types":{"field_to_match":{"nesting_mode":"list","block":{"block_types":{"all_query_arguments":{"nesting_mode":"list","block":{"description_kind":"plain"},"max_items":1},"body":{"nesting_mode":"list","block":{"description_kind":"plain"},"max_items":1},"method":{"nesting_mode":"list","block":{"description_kind":"plain"},"max_items":1},"query_string":{"nesting_mode":"list","block":{"description_kind":"plain"},"max_items":1},"single_header":{"nesting_mode":"list","block":{"attributes":{"name":{"type":"string","description_kind":"plain","required":true}},"description_kind":"plain"},"max_items":1},"single_query_argument":{"nesting_mode":"list","block":{"attributes":{"name":{"type":"string","description_kind":"plain","required":true}},"description_kind":"plain"},"max_items":1},"uri_path":{"nesting_mode":"list","block":{"description_kind":"plain"},"max_items":1}},"description_kind":"plain"},"max_items":1},"text_transformation":{"nesting_mode":"set","block":{"attributes":{"priority":{"type":"number","description_kind":"plain","required":true},"type":{"type":"string","description_kind":"plain","required":true}},"description_kind":"plain"},"min_items":1}},"description_kind":"plain"},"max_items":1},"geo_match_statement":{"nesting_mode":"list","block":{"attributes":{"country_codes":{"type":["list","string"],"description_kind":"plain","required":true}},"block_types":{"forwarded_ip_config":{"nesting_mode":"list","block":{"attributes":{"fallback_behavior":{"type":"string","description_kind":"plain","required":true},"header_name":{"type":"string","description_kind":"plain","required":true}},"description_kind":"plain"},"max_items":1}},"description_kind":"plain"},"max_items":1},"ip_set_reference_statement":{"nesting_mode":"list","block":{"attributes":{"arn":{"type":"string","description_kind":"plain","required":true}},"block_types":{"ip_set_forwarded_ip_config":{"nesting_mode":"list","block":{"attributes":{"fallback_behavior":{"type":"string","description_kind":"plain","required":true},"header_name":{"type":"string","description_kind":"plain","required":true},"position":{"type":"string","description_kind":"plain","required":true}},"description_kind":"plain"},"max_items":1}},"description_kind":"plain"},"max_items":1},"not_statement":{"nesting_mode":"list","block":{"block_types":{"statement":{"nesting_mode":"list","block":{"block_types":{"and_statement":{"nesting_mode":"list","block":{"block_types":{"statement":{"nesting_mode":"list","block":{"block_types":{"byte_match_statement":{"nesting_mode":"list","block":{"attributes":{"positional_constraint":{"type":"string","description_kind":"plain","required":true},"search_string":{"type":"string","description_kind":"plain","required":true}},"block_types":{"field_to_match":{"nesting_mode":"list","block":{"block_types":{"all_query_arguments":{"nesting_mode":"list","block":{"description_kind":"plain"},"max_items":1},"body":{"nesting_mode":"list","block":{"description_kind":"plain"},"max_items":1},"method":{"nesting_mode":"list","block":{"description_kind":"plain"},"max_items":1},"query_string":{"nesting_mode":"list","block":{"description_kind":"plain"},"max_items":1},"single_header":{"nesting_mode":"list","block":{"attributes":{"name":{"type":"string","description_kind":"plain","required":true}},"description_kind":"plain"},"max_items":1},"single_query_argument":{"nesting_mode":"list","block":{"attributes":{"name":{"type":"string","description_kind":"plain","required":true}},"description_kind":"plain"},"max_items":1},"uri_path":{"nesting_mode":"list","block":{"description_kind":"plain"},"max_items":1}},"description_kind":"plain"},"max_items":1},"text_transformation":{"nesting_mode":"set","block":{"attributes":{"priority":{"type":"number","description_kind":"plain","required":true},"type":{"type":"string","description_kind":"plain","required":true}},"description_kind":"plain"},"min_items":1}},"description_kind":"plain"},"max_items":1},"geo_match_statement":{"nesting_mode":"list","block":{"attributes":{"country_codes":{"type":["list","string"],"description_kind":"plain","required":true}},"block_types":{"forwarded_ip_config":{"nesting_mode":"list","block":{"attributes":{"fallback_behavior":{"type":"string","description_kind":"plain","required":true},"header_name":{"type":"string","description_kind":"plain","required":true}},"description_kind":"plain"},"max_items":1}},"description_kind":"plain"},"max_items":1},"ip_set_reference_statement":{"nesting_mode":"list","block":{"attributes":{"arn":{"type":"string","description_kind":"plain","required":true}},"block_types":{"ip_set_forwarded_ip_config":{"nesting_mode":"list","block":{"attributes":{"fallback_behavior":{"type":"string","description_kind":"plain","required":true},"header_name":{"type":"string","description_kind":"plain","required":true},"position":{"type":"string","description_kind":"plain","required":true}},"description_kind":"plain"},"max_items":1}},"description_kind":"plain"},"max_items":1},"regex_pattern_set_reference_statement":{"nesting_mode":"list","block":{"attributes":{"arn":{"type":"string","description_kind":"plain","required":true}},"block_types":{"field_to_match":{"nesting_mode":"list","block":{"block_types":{"all_query_arguments":{"nesting_mode":"list","block":{"description_kind":"plain"},"max_items":1},"body":{"nesting_mode":"list","block":{"description_kind":"plain"},"max_items":1},"method":{"nesting_mode":"list","block":{"description_kind":"plain"},"max_items":1},"query_string":{"nesting_mode":"list","block":{"description_kind":"plain"},"max_items":1},"single_header":{"nesting_mode":"list","block":{"attributes":{"name":{"type":"string","description_kind":"plain","required":true}},"description_kind":"plain"},"max_items":1},"single_query_argument":{"nesting_mode":"list","block":{"attributes":{"name":{"type":"string","description_kind":"plain","required":true}},"description_kind":"plain"},"max_items":1},"uri_path":{"nesting_mode":"list","block":{"description_kind":"plain"},"max_items":1}},"description_kind":"plain"},"max_items":1},"text_transformation":{"nesting_mode":"set","block":{"attributes":{"priority":{"type":"number","description_kind":"plain","required":true},"type":{"type":"string","description_kind":"plain","required":true}},"description_kind":"plain"},"min_items":1}},"description_kind":"plain"},"max_items":1},"size_constraint_statement":{"nesting_mode":"list","block":{"attributes":{"comparison_operator":{"type":"string","description_kind":"plain","required":true},"size":{"type":"number","description_kind":"plain","required":true}},"block_types":{"field_to_match":{"nesting_mode":"list","block":{"block_types":{"all_query_arguments":{"nesting_mode":"list","block":{"description_kind":"plain"},"max_items":1},"body":{"nesting_mode":"list","block":{"description_kind":"plain"},"max_items":1},"method":{"nesting_mode":"list","block":{"description_kind":"plain"},"max_items":1},"query_string":{"nesting_mode":"list","block":{"description_kind":"plain"},"max_items":1},"single_header":{"nesting_mode":"list","block":{"attributes":{"name":{"type":"string","description_kind":"plain","required":true}},"description_kind":"plain"},"max_items":1},"single_query_argument":{"nesting_mode":"list","block":{"attributes":{"name":{"type":"string","description_kind":"plain","required":true}},"description_kind":"plain"},"max_items":1},"uri_path":{"nesting_mode":"list","block":{"description_kind":"plain"},"max_items":1}},"description_kind":"plain"},"max_items":1},"text_transformation":{"nesting_mode":"set","block":{"attributes":{"priority":{"type":"number","description_kind":"plain","required":true},"type":{"type":"string","description_kind":"plain","required":true}},"description_kind":"plain"},"min_items":1}},"description_kind":"plain"},"max_items":1},"sqli_match_statement":{"nesting_mode":"list","block":{"block_types":{"field_to_match":{"nesting_mode":"list","block":{"block_types":{"all_query_arguments":{"nesting_mode":"list","block":{"description_kind":"plain"},"max_items":1},"body":{"nesting_mode":"list","block":{"description_kind":"plain"},"max_items":1},"method":{"nesting_mode":"list","block":{"description_kind":"plain"},"max_items":1},"query_string":{"nesting_mode":"list","block":{"description_kind":"plain"},"max_items":1},"single_header":{"nesting_mode":"list","block":{"attributes":{"name":{"type":"string","description_kind":"plain","required":true}},"description_kind":"plain"},"max_items":1},"single_query_argument":{"nesting_mode":"list","block":{"attributes":{"name":{"type":"string","description_kind":"plain","required":true}},"description_kind":"plain"},"max_items":1},"uri_path":{"nesting_mode":"list","block":{"description_kind":"plain"},"max_items":1}},"description_kind":"plain"},"max_items":1},"text_transformation":{"nesting_mode":"set","block":{"attributes":{"priority":{"type":"number","description_kind":"plain","required":true},"type":{"type":"string","description_kind":"plain","required":true}},"description_kind":"plain"},"min_items":1}},"description_kind":"plain"},"max_items":1},"xss_match_statement":{"nesting_mode":"list","block":{"block_types":{"field_to_match":{"nesting_mode":"list","block":{"block_types":{"all_query_arguments":{"nesting_mode":"list","block":{"description_kind":"plain"},"max_items":1},"body":{"nesting_mode":"list","block":{"description_kind":"plain"},"max_items":1},"method":{"nesting_mode":"list","block":{"description_kind":"plain"},"max_items":1},"query_string":{"nesting_mode":"list","block":{"description_kind":"plain"},"max_items":1},"single_header":{"nesting_mode":"list","block":{"attributes":{"name":{"type":"string","description_kind":"plain","required":true}},"description_kind":"plain"},"max_items":1},"single_query_argument":{"nesting_mode":"list","block":{"attributes":{"name":{"type":"string","description_kind":"plain","required":true}},"description_kind":"plain"},"max_items":1},"uri_path":{"nesting_mode":"list","block":{"description_kind":"plain"},"max_items":1}},"description_kind":"plain"},"max_items":1},"text_transformation":{"nesting_mode":"set","block":{"attributes":{"priority":{"type":"number","description_kind":"plain","required":true},"type":{"type":"string","description_kind":"plain","required":true}},"description_kind":"plain"},"min_items":1}},"description_kind":"plain"},"max_items":1}},"description_kind":"plain"},"min_items":1}},"description_kind":"plain"},"max_items":1},"byte_match_statement":{"nesting_mode":"list","block":{"attributes":{"positional_constraint":{"type":"string","description_kind":"plain","required":true},"search_string":{"type":"string","description_kind":"plain","required":true}},"block_types":{"field_to_match":{"nesting_mode":"list","block":{"block_types":{"all_query_arguments":{"nesting_mode":"list","block":{"description_kind":"plain"},"max_items":1},"body":{"nesting_mode":"list","block":{"description_kind":"plain"},"max_items":1},"method":{"nesting_mode":"list","block":{"description_kind":"plain"},"max_items":1},"query_string":{"nesting_mode":"list","block":{"description_kind":"plain"},"max_items":1},"single_header":{"nesting_mode":"list","block":{"attributes":{"name":{"type":"string","description_kind":"plain","required":true}},"description_kind":"plain"},"max_items":1},"single_query_argument":{"nesting_mode":"list","block":{"attributes":{"name":{"type":"string","description_kind":"plain","required":true}},"description_kind":"plain"},"max_items":1},"uri_path":{"nesting_mode":"list","block":{"description_kind":"plain"},"max_items":1}},"description_kind":"plain"},"max_items":1},"text_transformation":{"nesting_mode":"set","block":{"attributes":{"priority":{"type":"number","description_kind":"plain","required":true},"type":{"type":"string","description_kind":"plain","required":true}},"description_kind":"plain"},"min_items":1}},"description_kind":"plain"},"max_items":1},"geo_match_statement":{"nesting_mode":"list","block":{"attributes":{"country_codes":{"type":["list","string"],"description_kind":"plain","required":true}},"block_types":{"forwarded_ip_config":{"nesting_mode":"list","block":{"attributes":{"fallback_behavior":{"type":"string","description_kind":"plain","required":true},"header_name":{"type":"string","description_kind":"plain","required":true}},"description_kind":"plain"},"max_items":1}},"description_kind":"plain"},"max_items":1},"ip_set_reference_statement":{"nesting_mode":"list","block":{"attributes":{"arn":{"type":"string","description_kind":"plain","required":true}},"block_types":{"ip_set_forwarded_ip_config":{"nesting_mode":"list","block":{"attributes":{"fallback_behavior":{"type":"string","description_kind":"plain","required":true},"header_name":{"type":"string","description_kind":"plain","required":true},"position":{"type":"string","description_kind":"plain","required":true}},"description_kind":"plain"},"max_items":1}},"description_kind":"plain"},"max_items":1},"not_statement":{"nesting_mode":"list","block":{"block_types":{"statement":{"nesting_mode":"list","block":{"block_types":{"byte_match_statement":{"nesting_mode":"list","block":{"attributes":{"positional_constraint":{"type":"string","description_kind":"plain","required":true},"search_string":{"type":"string","description_kind":"plain","required":true}},"block_types":{"field_to_match":{"nesting_mode":"list","block":{"block_types":{"all_query_arguments":{"nesting_mode":"list","block":{"description_kind":"plain"},"max_items":1},"body":{"nesting_mode":"list","block":{"description_kind":"plain"},"max_items":1},"method":{"nesting_mode":"list","block":{"description_kind":"plain"},"max_items":1},"query_string":{"nesting_mode":"list","block":{"description_kind":"plain"},"max_items":1},"single_header":{"nesting_mode":"list","block":{"attributes":{"name":{"type":"string","description_kind":"plain","required":true}},"description_kind":"plain"},"max_items":1},"single_query_argument":{"nesting_mode":"list","block":{"attributes":{"name":{"type":"string","description_kind":"plain","required":true}},"description_kind":"plain"},"max_items":1},"uri_path":{"nesting_mode":"list","block":{"description_kind":"plain"},"max_items":1}},"description_kind":"plain"},"max_items":1},"text_transformation":{"nesting_mode":"set","block":{"attributes":{"priority":{"type":"number","description_kind":"plain","required":true},"type":{"type":"string","description_kind":"plain","required":true}},"description_kind":"plain"},"min_items":1}},"description_kind":"plain"},"max_items":1},"geo_match_statement":{"nesting_mode":"list","block":{"attributes":{"country_codes":{"type":["list","string"],"description_kind":"plain","required":true}},"block_types":{"forwarded_ip_config":{"nesting_mode":"list","block":{"attributes":{"fallback_behavior":{"type":"string","description_kind":"plain","required":true},"header_name":{"type":"string","description_kind":"plain","required":true}},"description_kind":"plain"},"max_items":1}},"description_kind":"plain"},"max_items":1},"ip_set_reference_statement":{"nesting_mode":"list","block":{"attributes":{"arn":{"type":"string","description_kind":"plain","required":true}},"block_types":{"ip_set_forwarded_ip_config":{"nesting_mode":"list","block":{"attributes":{"fallback_behavior":{"type":"string","description_kind":"plain","required":true},"header_name":{"type":"string","description_kind":"plain","required":true},"position":{"type":"string","description_kind":"plain","required":true}},"description_kind":"plain"},"max_items":1}},"description_kind":"plain"},"max_items":1},"regex_pattern_set_reference_statement":{"nesting_mode":"list","block":{"attributes":{"arn":{"type":"string","description_kind":"plain","required":true}},"block_types":{"field_to_match":{"nesting_mode":"list","block":{"block_types":{"all_query_arguments":{"nesting_mode":"list","block":{"description_kind":"plain"},"max_items":1},"body":{"nesting_mode":"list","block":{"description_kind":"plain"},"max_items":1},"method":{"nesting_mode":"list","block":{"description_kind":"plain"},"max_items":1},"query_string":{"nesting_mode":"list","block":{"description_kind":"plain"},"max_items":1},"single_header":{"nesting_mode":"list","block":{"attributes":{"name":{"type":"string","description_kind":"plain","required":true}},"description_kind":"plain"},"max_items":1},"single_query_argument":{"nesting_mode":"list","block":{"attributes":{"name":{"type":"string","description_kind":"plain","required":true}},"description_kind":"plain"},"max_items":1},"uri_path":{"nesting_mode":"list","block":{"description_kind":"plain"},"max_items":1}},"description_kind":"plain"},"max_items":1},"text_transformation":{"nesting_mode":"set","block":{"attributes":{"priority":{"type":"number","description_kind":"plain","required":true},"type":{"type":"string","description_kind":"plain","required":true}},"description_kind":"plain"},"min_items":1}},"description_kind":"plain"},"max_items":1},"size_constraint_statement":{"nesting_mode":"list","block":{"attributes":{"comparison_operator":{"type":"string","description_kind":"plain","required":true},"size":{"type":"number","description_kind":"plain","required":true}},"block_types":{"field_to_match":{"nesting_mode":"list","block":{"block_types":{"all_query_arguments":{"nesting_mode":"list","block":{"description_kind":"plain"},"max_items":1},"body":{"nesting_mode":"list","block":{"description_kind":"plain"},"max_items":1},"method":{"nesting_mode":"list","block":{"description_kind":"plain"},"max_items":1},"query_string":{"nesting_mode":"list","block":{"description_kind":"plain"},"max_items":1},"single_header":{"nesting_mode":"list","block":{"attributes":{"name":{"type":"string","description_kind":"plain","required":true}},"description_kind":"plain"},"max_items":1},"single_query_argument":{"nesting_mode":"list","block":{"attributes":{"name":{"type":"string","description_kind":"plain","required":true}},"description_kind":"plain"},"max_items":1},"uri_path":{"nesting_mode":"list","block":{"description_kind":"plain"},"max_items":1}},"description_kind":"plain"},"max_items":1},"text_transformation":{"nesting_mode":"set","block":{"attributes":{"priority":{"type":"number","description_kind":"plain","required":true},"type":{"type":"string","description_kind":"plain","required":true}},"description_kind":"plain"},"min_items":1}},"description_kind":"plain"},"max_items":1},"sqli_match_statement":{"nesting_mode":"list","block":{"block_types":{"field_to_match":{"nesting_mode":"list","block":{"block_types":{"all_query_arguments":{"nesting_mode":"list","block":{"description_kind":"plain"},"max_items":1},"body":{"nesting_mode":"list","block":{"description_kind":"plain"},"max_items":1},"method":{"nesting_mode":"list","block":{"description_kind":"plain"},"max_items":1},"query_string":{"nesting_mode":"list","block":{"description_kind":"plain"},"max_items":1},"single_header":{"nesting_mode":"list","block":{"attributes":{"name":{"type":"string","description_kind":"plain","required":true}},"description_kind":"plain"},"max_items":1},"single_query_argument":{"nesting_mode":"list","block":{"attributes":{"name":{"type":"string","description_kind":"plain","required":true}},"description_kind":"plain"},"max_items":1},"uri_path":{"nesting_mode":"list","block":{"description_kind":"plain"},"max_items":1}},"description_kind":"plain"},"max_items":1},"text_transformation":{"nesting_mode":"set","block":{"attributes":{"priority":{"type":"number","description_kind":"plain","required":true},"type":{"type":"string","description_kind":"plain","required":true}},"description_kind":"plain"},"min_items":1}},"description_kind":"plain"},"max_items":1},"xss_match_statement":{"nesting_mode":"list","block":{"block_types":{"field_to_match":{"nesting_mode":"list","block":{"block_types":{"all_query_arguments":{"nesting_mode":"list","block":{"description_kind":"plain"},"max_items":1},"body":{"nesting_mode":"list","block":{"description_kind":"plain"},"max_items":1},"method":{"nesting_mode":"list","block":{"description_kind":"plain"},"max_items":1},"query_string":{"nesting_mode":"list","block":{"description_kind":"plain"},"max_items":1},"single_header":{"nesting_mode":"list","block":{"attributes":{"name":{"type":"string","description_kind":"plain","required":true}},"description_kind":"plain"},"max_items":1},"single_query_argument":{"nesting_mode":"list","block":{"attributes":{"name":{"type":"string","description_kind":"plain","required":true}},"description_kind":"plain"},"max_items":1},"uri_path":{"nesting_mode":"list","block":{"description_kind":"plain"},"max_items":1}},"description_kind":"plain"},"max_items":1},"text_transformation":{"nesting_mode":"set","block":{"attributes":{"priority":{"type":"number","description_kind":"plain","required":true},"type":{"type":"string","description_kind":"plain","required":true}},"description_kind":"plain"},"min_items":1}},"description_kind":"plain"},"max_items":1}},"description_kind":"plain"},"min_items":1}},"description_kind":"plain"},"max_items":1},"or_statement":{"nesting_mode":"list","block":{"block_types":{"statement":{"nesting_mode":"list","block":{"block_types":{"byte_match_statement":{"nesting_mode":"list","block":{"attributes":{"positional_constraint":{"type":"string","description_kind":"plain","required":true},"search_string":{"type":"string","description_kind":"plain","required":true}},"block_types":{"field_to_match":{"nesting_mode":"list","block":{"block_types":{"all_query_arguments":{"nesting_mode":"list","block":{"description_kind":"plain"},"max_items":1},"body":{"nesting_mode":"list","block":{"description_kind":"plain"},"max_items":1},"method":{"nesting_mode":"list","block":{"description_kind":"plain"},"max_items":1},"query_string":{"nesting_mode":"list","block":{"description_kind":"plain"},"max_items":1},"single_header":{"nesting_mode":"list","block":{"attributes":{"name":{"type":"string","description_kind":"plain","required":true}},"description_kind":"plain"},"max_items":1},"single_query_argument":{"nesting_mode":"list","block":{"attributes":{"name":{"type":"string","description_kind":"plain","required":true}},"description_kind":"plain"},"max_items":1},"uri_path":{"nesting_mode":"list","block":{"description_kind":"plain"},"max_items":1}},"description_kind":"plain"},"max_items":1},"text_transformation":{"nesting_mode":"set","block":{"attributes":{"priority":{"type":"number","description_kind":"plain","required":true},"type":{"type":"string","description_kind":"plain","required":true}},"description_kind":"plain"},"min_items":1}},"description_kind":"plain"},"max_items":1},"geo_match_statement":{"nesting_mode":"list","block":{"attributes":{"country_codes":{"type":["list","string"],"description_kind":"plain","required":true}},"block_types":{"forwarded_ip_config":{"nesting_mode":"list","block":{"attributes":{"fallback_behavior":{"type":"string","description_kind":"plain","required":true},"header_name":{"type":"string","description_kind":"plain","required":true}},"description_kind":"plain"},"max_items":1}},"description_kind":"plain"},"max_items":1},"ip_set_reference_statement":{"nesting_mode":"list","block":{"attributes":{"arn":{"type":"string","description_kind":"plain","required":true}},"block_types":{"ip_set_forwarded_ip_config":{"nesting_mode":"list","block":{"attributes":{"fallback_behavior":{"type":"string","description_kind":"plain","required":true},"header_name":{"type":"string","description_kind":"plain","required":true},"position":{"type":"string","description_kind":"plain","required":true}},"description_kind":"plain"},"max_items":1}},"description_kind":"plain"},"max_items":1},"regex_pattern_set_reference_statement":{"nesting_mode":"list","block":{"attributes":{"arn":{"type":"string","description_kind":"plain","required":true}},"block_types":{"field_to_match":{"nesting_mode":"list","block":{"block_types":{"all_query_arguments":{"nesting_mode":"list","block":{"description_kind":"plain"},"max_items":1},"body":{"nesting_mode":"list","block":{"description_kind":"plain"},"max_items":1},"method":{"nesting_mode":"list","block":{"description_kind":"plain"},"max_items":1},"query_string":{"nesting_mode":"list","block":{"description_kind":"plain"},"max_items":1},"single_header":{"nesting_mode":"list","block":{"attributes":{"name":{"type":"string","description_kind":"plain","required":true}},"description_kind":"plain"},"max_items":1},"single_query_argument":{"nesting_mode":"list","block":{"attributes":{"name":{"type":"string","description_kind":"plain","required":true}},"description_kind":"plain"},"max_items":1},"uri_path":{"nesting_mode":"list","block":{"description_kind":"plain"},"max_items":1}},"description_kind":"plain"},"max_items":1},"text_transformation":{"nesting_mode":"set","block":{"attributes":{"priority":{"type":"number","description_kind":"plain","required":true},"type":{"type":"string","description_kind":"plain","required":true}},"description_kind":"plain"},"min_items":1}},"description_kind":"plain"},"max_items":1},"size_constraint_statement":{"nesting_mode":"list","block":{"attributes":{"comparison_operator":{"type":"string","description_kind":"plain","required":true},"size":{"type":"number","description_kind":"plain","required":true}},"block_types":{"field_to_match":{"nesting_mode":"list","block":{"block_types":{"all_query_arguments":{"nesting_mode":"list","block":{"description_kind":"plain"},"max_items":1},"body":{"nesting_mode":"list","block":{"description_kind":"plain"},"max_items":1},"method":{"nesting_mode":"list","block":{"description_kind":"plain"},"max_items":1},"query_string":{"nesting_mode":"list","block":{"description_kind":"plain"},"max_items":1},"single_header":{"nesting_mode":"list","block":{"attributes":{"name":{"type":"string","description_kind":"plain","required":true}},"description_kind":"plain"},"max_items":1},"single_query_argument":{"nesting_mode":"list","block":{"attributes":{"name":{"type":"string","description_kind":"plain","required":true}},"description_kind":"plain"},"max_items":1},"uri_path":{"nesting_mode":"list","block":{"description_kind":"plain"},"max_items":1}},"description_kind":"plain"},"max_items":1},"text_transformation":{"nesting_mode":"set","block":{"attributes":{"priority":{"type":"number","description_kind":"plain","required":true},"type":{"type":"string","description_kind":"plain","required":true}},"description_kind":"plain"},"min_items":1}},"description_kind":"plain"},"max_items":1},"sqli_match_statement":{"nesting_mode":"list","block":{"block_types":{"field_to_match":{"nesting_mode":"list","block":{"block_types":{"all_query_arguments":{"nesting_mode":"list","block":{"description_kind":"plain"},"max_items":1},"body":{"nesting_mode":"list","block":{"description_kind":"plain"},"max_items":1},"method":{"nesting_mode":"list","block":{"description_kind":"plain"},"max_items":1},"query_string":{"nesting_mode":"list","block":{"description_kind":"plain"},"max_items":1},"single_header":{"nesting_mode":"list","block":{"attributes":{"name":{"type":"string","description_kind":"plain","required":true}},"description_kind":"plain"},"max_items":1},"single_query_argument":{"nesting_mode":"list","block":{"attributes":{"name":{"type":"string","description_kind":"plain","required":true}},"description_kind":"plain"},"max_items":1},"uri_path":{"nesting_mode":"list","block":{"description_kind":"plain"},"max_items":1}},"description_kind":"plain"},"max_items":1},"text_transformation":{"nesting_mode":"set","block":{"attributes":{"priority":{"type":"number","description_kind":"plain","required":true},"type":{"type":"string","description_kind":"plain","required":true}},"description_kind":"plain"},"min_items":1}},"description_kind":"plain"},"max_items":1},"xss_match_statement":{"nesting_mode":"list","block":{"block_types":{"field_to_match":{"nesting_mode":"list","block":{"block_types":{"all_query_arguments":{"nesting_mode":"list","block":{"description_kind":"plain"},"max_items":1},"body":{"nesting_mode":"list","block":{"description_kind":"plain"},"max_items":1},"method":{"nesting_mode":"list","block":{"description_kind":"plain"},"max_items":1},"query_string":{"nesting_mode":"list","block":{"description_kind":"plain"},"max_items":1},"single_header":{"nesting_mode":"list","block":{"attributes":{"name":{"type":"string","description_kind":"plain","required":true}},"description_kind":"plain"},"max_items":1},"single_query_argument":{"nesting_mode":"list","block":{"attributes":{"name":{"type":"string","description_kind":"plain","required":true}},"description_kind":"plain"},"max_items":1},"uri_path":{"nesting_mode":"list","block":{"description_kind":"plain"},"max_items":1}},"description_kind":"plain"},"max_items":1},"text_transformation":{"nesting_mode":"set","block":{"attributes":{"priority":{"type":"number","description_kind":"plain","required":true},"type":{"type":"string","description_kind":"plain","required":true}},"description_kind":"plain"},"min_items":1}},"description_kind":"plain"},"max_items":1}},"description_kind":"plain"},"min_items":1}},"description_kind":"plain"},"max_items":1},"regex_pattern_set_reference_statement":{"nesting_mode":"list","block":{"attributes":{"arn":{"type":"string","description_kind":"plain","required":true}},"block_types":{"field_to_match":{"nesting_mode":"list","block":{"block_types":{"all_query_arguments":{"nesting_mode":"list","block":{"description_kind":"plain"},"max_items":1},"body":{"nesting_mode":"list","block":{"description_kind":"plain"},"max_items":1},"method":{"nesting_mode":"list","block":{"description_kind":"plain"},"max_items":1},"query_string":{"nesting_mode":"list","block":{"description_kind":"plain"},"max_items":1},"single_header":{"nesting_mode":"list","block":{"attributes":{"name":{"type":"string","description_kind":"plain","required":true}},"description_kind":"plain"},"max_items":1},"single_query_argument":{"nesting_mode":"list","block":{"attributes":{"name":{"type":"string","description_kind":"plain","required":true}},"description_kind":"plain"},"max_items":1},"uri_path":{"nesting_mode":"list","block":{"description_kind":"plain"},"max_items":1}},"description_kind":"plain"},"max_items":1},"text_transformation":{"nesting_mode":"set","block":{"attributes":{"priority":{"type":"number","description_kind":"plain","required":true},"type":{"type":"string","description_kind":"plain","required":true}},"description_kind":"plain"},"min_items":1}},"description_kind":"plain"},"max_items":1},"size_constraint_statement":{"nesting_mode":"list","block":{"attributes":{"comparison_operator":{"type":"string","description_kind":"plain","required":true},"size":{"type":"number","description_kind":"plain","required":true}},"block_types":{"field_to_match":{"nesting_mode":"list","block":{"block_types":{"all_query_arguments":{"nesting_mode":"list","block":{"description_kind":"plain"},"max_items":1},"body":{"nesting_mode":"list","block":{"description_kind":"plain"},"max_items":1},"method":{"nesting_mode":"list","block":{"description_kind":"plain"},"max_items":1},"query_string":{"nesting_mode":"list","block":{"description_kind":"plain"},"max_items":1},"single_header":{"nesting_mode":"list","block":{"attributes":{"name":{"type":"string","description_kind":"plain","required":true}},"description_kind":"plain"},"max_items":1},"single_query_argument":{"nesting_mode":"list","block":{"attributes":{"name":{"type":"string","description_kind":"plain","required":true}},"description_kind":"plain"},"max_items":1},"uri_path":{"nesting_mode":"list","block":{"description_kind":"plain"},"max_items":1}},"description_kind":"plain"},"max_items":1},"text_transformation":{"nesting_mode":"set","block":{"attributes":{"priority":{"type":"number","description_kind":"plain","required":true},"type":{"type":"string","description_kind":"plain","required":true}},"description_kind":"plain"},"min_items":1}},"description_kind":"plain"},"max_items":1},"sqli_match_statement":{"nesting_mode":"list","block":{"block_types":{"field_to_match":{"nesting_mode":"list","block":{"block_types":{"all_query_arguments":{"nesting_mode":"list","block":{"description_kind":"plain"},"max_items":1},"body":{"nesting_mode":"list","block":{"description_kind":"plain"},"max_items":1},"method":{"nesting_mode":"list","block":{"description_kind":"plain"},"max_items":1},"query_string":{"nesting_mode":"list","block":{"description_kind":"plain"},"max_items":1},"single_header":{"nesting_mode":"list","block":{"attributes":{"name":{"type":"string","description_kind":"plain","required":true}},"description_kind":"plain"},"max_items":1},"single_query_argument":{"nesting_mode":"list","block":{"attributes":{"name":{"type":"string","description_kind":"plain","required":true}},"description_kind":"plain"},"max_items":1},"uri_path":{"nesting_mode":"list","block":{"description_kind":"plain"},"max_items":1}},"description_kind":"plain"},"max_items":1},"text_transformation":{"nesting_mode":"set","block":{"attributes":{"priority":{"type":"number","description_kind":"plain","required":true},"type":{"type":"string","description_kind":"plain","required":true}},"description_kind":"plain"},"min_items":1}},"description_kind":"plain"},"max_items":1},"xss_match_statement":{"nesting_mode":"list","block":{"block_types":{"field_to_match":{"nesting_mode":"list","block":{"block_types":{"all_query_arguments":{"nesting_mode":"list","block":{"description_kind":"plain"},"max_items":1},"body":{"nesting_mode":"list","block":{"description_kind":"plain"},"max_items":1},"method":{"nesting_mode":"list","block":{"description_kind":"plain"},"max_items":1},"query_string":{"nesting_mode":"list","block":{"description_kind":"plain"},"max_items":1},"single_header":{"nesting_mode":"list","block":{"attributes":{"name":{"type":"string","description_kind":"plain","required":true}},"description_kind":"plain"},"max_items":1},"single_query_argument":{"nesting_mode":"list","block":{"attributes":{"name":{"type":"string","description_kind":"plain","required":true}},"description_kind":"plain"},"max_items":1},"uri_path":{"nesting_mode":"list","block":{"description_kind":"plain"},"max_items":1}},"description_kind":"plain"},"max_items":1},"text_transformation":{"nesting_mode":"set","block":{"attributes":{"priority":{"type":"number","description_kind":"plain","required":true},"type":{"type":"string","description_kind":"plain","required":true}},"description_kind":"plain"},"min_items":1}},"description_kind":"plain"},"max_items":1}},"description_kind":"plain"},"min_items":1}},"description_kind":"plain"},"max_items":1},"or_statement":{"nesting_mode":"list","block":{"block_types":{"statement":{"nesting_mode":"list","block":{"block_types":{"and_statement":{"nesting_mode":"list","block":{"block_types":{"statement":{"nesting_mode":"list","block":{"block_types":{"byte_match_statement":{"nesting_mode":"list","block":{"attributes":{"positional_constraint":{"type":"string","description_kind":"plain","required":true},"search_string":{"type":"string","description_kind":"plain","required":true}},"block_types":{"field_to_match":{"nesting_mode":"list","block":{"block_types":{"all_query_arguments":{"nesting_mode":"list","block":{"description_kind":"plain"},"max_items":1},"body":{"nesting_mode":"list","block":{"description_kind":"plain"},"max_items":1},"method":{"nesting_mode":"list","block":{"description_kind":"plain"},"max_items":1},"query_string":{"nesting_mode":"list","block":{"description_kind":"plain"},"max_items":1},"single_header":{"nesting_mode":"list","block":{"attributes":{"name":{"type":"string","description_kind":"plain","required":true}},"description_kind":"plain"},"max_items":1},"single_query_argument":{"nesting_mode":"list","block":{"attributes":{"name":{"type":"string","description_kind":"plain","required":true}},"description_kind":"plain"},"max_items":1},"uri_path":{"nesting_mode":"list","block":{"description_kind":"plain"},"max_items":1}},"description_kind":"plain"},"max_items":1},"text_transformation":{"nesting_mode":"set","block":{"attributes":{"priority":{"type":"number","description_kind":"plain","required":true},"type":{"type":"string","description_kind":"plain","required":true}},"description_kind":"plain"},"min_items":1}},"description_kind":"plain"},"max_items":1},"geo_match_statement":{"nesting_mode":"list","block":{"attributes":{"country_codes":{"type":["list","string"],"description_kind":"plain","required":true}},"block_types":{"forwarded_ip_config":{"nesting_mode":"list","block":{"attributes":{"fallback_behavior":{"type":"string","description_kind":"plain","required":true},"header_name":{"type":"string","description_kind":"plain","required":true}},"description_kind":"plain"},"max_items":1}},"description_kind":"plain"},"max_items":1},"ip_set_reference_statement":{"nesting_mode":"list","block":{"attributes":{"arn":{"type":"string","description_kind":"plain","required":true}},"block_types":{"ip_set_forwarded_ip_config":{"nesting_mode":"list","block":{"attributes":{"fallback_behavior":{"type":"string","description_kind":"plain","required":true},"header_name":{"type":"string","description_kind":"plain","required":true},"position":{"type":"string","description_kind":"plain","required":true}},"description_kind":"plain"},"max_items":1}},"description_kind":"plain"},"max_items":1},"regex_pattern_set_reference_statement":{"nesting_mode":"list","block":{"attributes":{"arn":{"type":"string","description_kind":"plain","required":true}},"block_types":{"field_to_match":{"nesting_mode":"list","block":{"block_types":{"all_query_arguments":{"nesting_mode":"list","block":{"description_kind":"plain"},"max_items":1},"body":{"nesting_mode":"list","block":{"description_kind":"plain"},"max_items":1},"method":{"nesting_mode":"list","block":{"description_kind":"plain"},"max_items":1},"query_string":{"nesting_mode":"list","block":{"description_kind":"plain"},"max_items":1},"single_header":{"nesting_mode":"list","block":{"attributes":{"name":{"type":"string","description_kind":"plain","required":true}},"description_kind":"plain"},"max_items":1},"single_query_argument":{"nesting_mode":"list","block":{"attributes":{"name":{"type":"string","description_kind":"plain","required":true}},"description_kind":"plain"},"max_items":1},"uri_path":{"nesting_mode":"list","block":{"description_kind":"plain"},"max_items":1}},"description_kind":"plain"},"max_items":1},"text_transformation":{"nesting_mode":"set","block":{"attributes":{"priority":{"type":"number","description_kind":"plain","required":true},"type":{"type":"string","description_kind":"plain","required":true}},"description_kind":"plain"},"min_items":1}},"description_kind":"plain"},"max_items":1},"size_constraint_statement":{"nesting_mode":"list","block":{"attributes":{"comparison_operator":{"type":"string","description_kind":"plain","required":true},"size":{"type":"number","description_kind":"plain","required":true}},"block_types":{"field_to_match":{"nesting_mode":"list","block":{"block_types":{"all_query_arguments":{"nesting_mode":"list","block":{"description_kind":"plain"},"max_items":1},"body":{"nesting_mode":"list","block":{"description_kind":"plain"},"max_items":1},"method":{"nesting_mode":"list","block":{"description_kind":"plain"},"max_items":1},"query_string":{"nesting_mode":"list","block":{"description_kind":"plain"},"max_items":1},"single_header":{"nesting_mode":"list","block":{"attributes":{"name":{"type":"string","description_kind":"plain","required":true}},"description_kind":"plain"},"max_items":1},"single_query_argument":{"nesting_mode":"list","block":{"attributes":{"name":{"type":"string","description_kind":"plain","required":true}},"description_kind":"plain"},"max_items":1},"uri_path":{"nesting_mode":"list","block":{"description_kind":"plain"},"max_items":1}},"description_kind":"plain"},"max_items":1},"text_transformation":{"nesting_mode":"set","block":{"attributes":{"priority":{"type":"number","description_kind":"plain","required":true},"type":{"type":"string","description_kind":"plain","required":true}},"description_kind":"plain"},"min_items":1}},"description_kind":"plain"},"max_items":1},"sqli_match_statement":{"nesting_mode":"list","block":{"block_types":{"field_to_match":{"nesting_mode":"list","block":{"block_types":{"all_query_arguments":{"nesting_mode":"list","block":{"description_kind":"plain"},"max_items":1},"body":{"nesting_mode":"list","block":{"description_kind":"plain"},"max_items":1},"method":{"nesting_mode":"list","block":{"description_kind":"plain"},"max_items":1},"query_string":{"nesting_mode":"list","block":{"description_kind":"plain"},"max_items":1},"single_header":{"nesting_mode":"list","block":{"attributes":{"name":{"type":"string","description_kind":"plain","required":true}},"description_kind":"plain"},"max_items":1},"single_query_argument":{"nesting_mode":"list","block":{"attributes":{"name":{"type":"string","description_kind":"plain","required":true}},"description_kind":"plain"},"max_items":1},"uri_path":{"nesting_mode":"list","block":{"description_kind":"plain"},"max_items":1}},"description_kind":"plain"},"max_items":1},"text_transformation":{"nesting_mode":"set","block":{"attributes":{"priority":{"type":"number","description_kind":"plain","required":true},"type":{"type":"string","description_kind":"plain","required":true}},"description_kind":"plain"},"min_items":1}},"description_kind":"plain"},"max_items":1},"xss_match_statement":{"nesting_mode":"list","block":{"block_types":{"field_to_match":{"nesting_mode":"list","block":{"block_types":{"all_query_arguments":{"nesting_mode":"list","block":{"description_kind":"plain"},"max_items":1},"body":{"nesting_mode":"list","block":{"description_kind":"plain"},"max_items":1},"method":{"nesting_mode":"list","block":{"description_kind":"plain"},"max_items":1},"query_string":{"nesting_mode":"list","block":{"description_kind":"plain"},"max_items":1},"single_header":{"nesting_mode":"list","block":{"attributes":{"name":{"type":"string","description_kind":"plain","required":true}},"description_kind":"plain"},"max_items":1},"single_query_argument":{"nesting_mode":"list","block":{"attributes":{"name":{"type":"string","description_kind":"plain","required":true}},"description_kind":"plain"},"max_items":1},"uri_path":{"nesting_mode":"list","block":{"description_kind":"plain"},"max_items":1}},"description_kind":"plain"},"max_items":1},"text_transformation":{"nesting_mode":"set","block":{"attributes":{"priority":{"type":"number","description_kind":"plain","required":true},"type":{"type":"string","description_kind":"plain","required":true}},"description_kind":"plain"},"min_items":1}},"description_kind":"plain"},"max_items":1}},"description_kind":"plain"},"min_items":1}},"description_kind":"plain"},"max_items":1},"byte_match_statement":{"nesting_mode":"list","block":{"attributes":{"positional_constraint":{"type":"string","description_kind":"plain","required":true},"search_string":{"type":"string","description_kind":"plain","required":true}},"block_types":{"field_to_match":{"nesting_mode":"list","block":{"block_types":{"all_query_arguments":{"nesting_mode":"list","block":{"description_kind":"plain"},"max_items":1},"body":{"nesting_mode":"list","block":{"description_kind":"plain"},"max_items":1},"method":{"nesting_mode":"list","block":{"description_kind":"plain"},"max_items":1},"query_string":{"nesting_mode":"list","block":{"description_kind":"plain"},"max_items":1},"single_header":{"nesting_mode":"list","block":{"attributes":{"name":{"type":"string","description_kind":"plain","required":true}},"description_kind":"plain"},"max_items":1},"single_query_argument":{"nesting_mode":"list","block":{"attributes":{"name":{"type":"string","description_kind":"plain","required":true}},"description_kind":"plain"},"max_items":1},"uri_path":{"nesting_mode":"list","block":{"description_kind":"plain"},"max_items":1}},"description_kind":"plain"},"max_items":1},"text_transformation":{"nesting_mode":"set","block":{"attributes":{"priority":{"type":"number","description_kind":"plain","required":true},"type":{"type":"string","description_kind":"plain","required":true}},"description_kind":"plain"},"min_items":1}},"description_kind":"plain"},"max_items":1},"geo_match_statement":{"nesting_mode":"list","block":{"attributes":{"country_codes":{"type":["list","string"],"description_kind":"plain","required":true}},"block_types":{"forwarded_ip_config":{"nesting_mode":"list","block":{"attributes":{"fallback_behavior":{"type":"string","description_kind":"plain","required":true},"header_name":{"type":"string","description_kind":"plain","required":true}},"description_kind":"plain"},"max_items":1}},"description_kind":"plain"},"max_items":1},"ip_set_reference_statement":{"nesting_mode":"list","block":{"attributes":{"arn":{"type":"string","description_kind":"plain","required":true}},"block_types":{"ip_set_forwarded_ip_config":{"nesting_mode":"list","block":{"attributes":{"fallback_behavior":{"type":"string","description_kind":"plain","required":true},"header_name":{"type":"string","description_kind":"plain","required":true},"position":{"type":"string","description_kind":"plain","required":true}},"description_kind":"plain"},"max_items":1}},"description_kind":"plain"},"max_items":1},"not_statement":{"nesting_mode":"list","block":{"block_types":{"statement":{"nesting_mode":"list","block":{"block_types":{"byte_match_statement":{"nesting_mode":"list","block":{"attributes":{"positional_constraint":{"type":"string","description_kind":"plain","required":true},"search_string":{"type":"string","description_kind":"plain","required":true}},"block_types":{"field_to_match":{"nesting_mode":"list","block":{"block_types":{"all_query_arguments":{"nesting_mode":"list","block":{"description_kind":"plain"},"max_items":1},"body":{"nesting_mode":"list","block":{"description_kind":"plain"},"max_items":1},"method":{"nesting_mode":"list","block":{"description_kind":"plain"},"max_items":1},"query_string":{"nesting_mode":"list","block":{"description_kind":"plain"},"max_items":1},"single_header":{"nesting_mode":"list","block":{"attributes":{"name":{"type":"string","description_kind":"plain","required":true}},"description_kind":"plain"},"max_items":1},"single_query_argument":{"nesting_mode":"list","block":{"attributes":{"name":{"type":"string","description_kind":"plain","required":true}},"description_kind":"plain"},"max_items":1},"uri_path":{"nesting_mode":"list","block":{"description_kind":"plain"},"max_items":1}},"description_kind":"plain"},"max_items":1},"text_transformation":{"nesting_mode":"set","block":{"attributes":{"priority":{"type":"number","description_kind":"plain","required":true},"type":{"type":"string","description_kind":"plain","required":true}},"description_kind":"plain"},"min_items":1}},"description_kind":"plain"},"max_items":1},"geo_match_statement":{"nesting_mode":"list","block":{"attributes":{"country_codes":{"type":["list","string"],"description_kind":"plain","required":true}},"block_types":{"forwarded_ip_config":{"nesting_mode":"list","block":{"attributes":{"fallback_behavior":{"type":"string","description_kind":"plain","required":true},"header_name":{"type":"string","description_kind":"plain","required":true}},"description_kind":"plain"},"max_items":1}},"description_kind":"plain"},"max_items":1},"ip_set_reference_statement":{"nesting_mode":"list","block":{"attributes":{"arn":{"type":"string","description_kind":"plain","required":true}},"block_types":{"ip_set_forwarded_ip_config":{"nesting_mode":"list","block":{"attributes":{"fallback_behavior":{"type":"string","description_kind":"plain","required":true},"header_name":{"type":"string","description_kind":"plain","required":true},"position":{"type":"string","description_kind":"plain","required":true}},"description_kind":"plain"},"max_items":1}},"description_kind":"plain"},"max_items":1},"regex_pattern_set_reference_statement":{"nesting_mode":"list","block":{"attributes":{"arn":{"type":"string","description_kind":"plain","required":true}},"block_types":{"field_to_match":{"nesting_mode":"list","block":{"block_types":{"all_query_arguments":{"nesting_mode":"list","block":{"description_kind":"plain"},"max_items":1},"body":{"nesting_mode":"list","block":{"description_kind":"plain"},"max_items":1},"method":{"nesting_mode":"list","block":{"description_kind":"plain"},"max_items":1},"query_string":{"nesting_mode":"list","block":{"description_kind":"plain"},"max_items":1},"single_header":{"nesting_mode":"list","block":{"attributes":{"name":{"type":"string","description_kind":"plain","required":true}},"description_kind":"plain"},"max_items":1},"single_query_argument":{"nesting_mode":"list","block":{"attributes":{"name":{"type":"string","description_kind":"plain","required":true}},"description_kind":"plain"},"max_items":1},"uri_path":{"nesting_mode":"list","block":{"description_kind":"plain"},"max_items":1}},"description_kind":"plain"},"max_items":1},"text_transformation":{"nesting_mode":"set","block":{"attributes":{"priority":{"type":"number","description_kind":"plain","required":true},"type":{"type":"string","description_kind":"plain","required":true}},"description_kind":"plain"},"min_items":1}},"description_kind":"plain"},"max_items":1},"size_constraint_statement":{"nesting_mode":"list","block":{"attributes":{"comparison_operator":{"type":"string","description_kind":"plain","required":true},"size":{"type":"number","description_kind":"plain","required":true}},"block_types":{"field_to_match":{"nesting_mode":"list","block":{"block_types":{"all_query_arguments":{"nesting_mode":"list","block":{"description_kind":"plain"},"max_items":1},"body":{"nesting_mode":"list","block":{"description_kind":"plain"},"max_items":1},"method":{"nesting_mode":"list","block":{"description_kind":"plain"},"max_items":1},"query_string":{"nesting_mode":"list","block":{"description_kind":"plain"},"max_items":1},"single_header":{"nesting_mode":"list","block":{"attributes":{"name":{"type":"string","description_kind":"plain","required":true}},"description_kind":"plain"},"max_items":1},"single_query_argument":{"nesting_mode":"list","block":{"attributes":{"name":{"type":"string","description_kind":"plain","required":true}},"description_kind":"plain"},"max_items":1},"uri_path":{"nesting_mode":"list","block":{"description_kind":"plain"},"max_items":1}},"description_kind":"plain"},"max_items":1},"text_transformation":{"nesting_mode":"set","block":{"attributes":{"priority":{"type":"number","description_kind":"plain","required":true},"type":{"type":"string","description_kind":"plain","required":true}},"description_kind":"plain"},"min_items":1}},"description_kind":"plain"},"max_items":1},"sqli_match_statement":{"nesting_mode":"list","block":{"block_types":{"field_to_match":{"nesting_mode":"list","block":{"block_types":{"all_query_arguments":{"nesting_mode":"list","block":{"description_kind":"plain"},"max_items":1},"body":{"nesting_mode":"list","block":{"description_kind":"plain"},"max_items":1},"method":{"nesting_mode":"list","block":{"description_kind":"plain"},"max_items":1},"query_string":{"nesting_mode":"list","block":{"description_kind":"plain"},"max_items":1},"single_header":{"nesting_mode":"list","block":{"attributes":{"name":{"type":"string","description_kind":"plain","required":true}},"description_kind":"plain"},"max_items":1},"single_query_argument":{"nesting_mode":"list","block":{"attributes":{"name":{"type":"string","description_kind":"plain","required":true}},"description_kind":"plain"},"max_items":1},"uri_path":{"nesting_mode":"list","block":{"description_kind":"plain"},"max_items":1}},"description_kind":"plain"},"max_items":1},"text_transformation":{"nesting_mode":"set","block":{"attributes":{"priority":{"type":"number","description_kind":"plain","required":true},"type":{"type":"string","description_kind":"plain","required":true}},"description_kind":"plain"},"min_items":1}},"description_kind":"plain"},"max_items":1},"xss_match_statement":{"nesting_mode":"list","block":{"block_types":{"field_to_match":{"nesting_mode":"list","block":{"block_types":{"all_query_arguments":{"nesting_mode":"list","block":{"description_kind":"plain"},"max_items":1},"body":{"nesting_mode":"list","block":{"description_kind":"plain"},"max_items":1},"method":{"nesting_mode":"list","block":{"description_kind":"plain"},"max_items":1},"query_string":{"nesting_mode":"list","block":{"description_kind":"plain"},"max_items":1},"single_header":{"nesting_mode":"list","block":{"attributes":{"name":{"type":"string","description_kind":"plain","required":true}},"description_kind":"plain"},"max_items":1},"single_query_argument":{"nesting_mode":"list","block":{"attributes":{"name":{"type":"string","description_kind":"plain","required":true}},"description_kind":"plain"},"max_items":1},"uri_path":{"nesting_mode":"list","block":{"description_kind":"plain"},"max_items":1}},"description_kind":"plain"},"max_items":1},"text_transformation":{"nesting_mode":"set","block":{"attributes":{"priority":{"type":"number","description_kind":"plain","required":true},"type":{"type":"string","description_kind":"plain","required":true}},"description_kind":"plain"},"min_items":1}},"description_kind":"plain"},"max_items":1}},"description_kind":"plain"},"min_items":1}},"description_kind":"plain"},"max_items":1},"or_statement":{"nesting_mode":"list","block":{"block_types":{"statement":{"nesting_mode":"list","block":{"block_types":{"byte_match_statement":{"nesting_mode":"list","block":{"attributes":{"positional_constraint":{"type":"string","description_kind":"plain","required":true},"search_string":{"type":"string","description_kind":"plain","required":true}},"block_types":{"field_to_match":{"nesting_mode":"list","block":{"block_types":{"all_query_arguments":{"nesting_mode":"list","block":{"description_kind":"plain"},"max_items":1},"body":{"nesting_mode":"list","block":{"description_kind":"plain"},"max_items":1},"method":{"nesting_mode":"list","block":{"description_kind":"plain"},"max_items":1},"query_string":{"nesting_mode":"list","block":{"description_kind":"plain"},"max_items":1},"single_header":{"nesting_mode":"list","block":{"attributes":{"name":{"type":"string","description_kind":"plain","required":true}},"description_kind":"plain"},"max_items":1},"single_query_argument":{"nesting_mode":"list","block":{"attributes":{"name":{"type":"string","description_kind":"plain","required":true}},"description_kind":"plain"},"max_items":1},"uri_path":{"nesting_mode":"list","block":{"description_kind":"plain"},"max_items":1}},"description_kind":"plain"},"max_items":1},"text_transformation":{"nesting_mode":"set","block":{"attributes":{"priority":{"type":"number","description_kind":"plain","required":true},"type":{"type":"string","description_kind":"plain","required":true}},"description_kind":"plain"},"min_items":1}},"description_kind":"plain"},"max_items":1},"geo_match_statement":{"nesting_mode":"list","block":{"attributes":{"country_codes":{"type":["list","string"],"description_kind":"plain","required":true}},"block_types":{"forwarded_ip_config":{"nesting_mode":"list","block":{"attributes":{"fallback_behavior":{"type":"string","description_kind":"plain","required":true},"header_name":{"type":"string","description_kind":"plain","required":true}},"description_kind":"plain"},"max_items":1}},"description_kind":"plain"},"max_items":1},"ip_set_reference_statement":{"nesting_mode":"list","block":{"attributes":{"arn":{"type":"string","description_kind":"plain","required":true}},"block_types":{"ip_set_forwarded_ip_config":{"nesting_mode":"list","block":{"attributes":{"fallback_behavior":{"type":"string","description_kind":"plain","required":true},"header_name":{"type":"string","description_kind":"plain","required":true},"position":{"type":"string","description_kind":"plain","required":true}},"description_kind":"plain"},"max_items":1}},"description_kind":"plain"},"max_items":1},"regex_pattern_set_reference_statement":{"nesting_mode":"list","block":{"attributes":{"arn":{"type":"string","description_kind":"plain","required":true}},"block_types":{"field_to_match":{"nesting_mode":"list","block":{"block_types":{"all_query_arguments":{"nesting_mode":"list","block":{"description_kind":"plain"},"max_items":1},"body":{"nesting_mode":"list","block":{"description_kind":"plain"},"max_items":1},"method":{"nesting_mode":"list","block":{"description_kind":"plain"},"max_items":1},"query_string":{"nesting_mode":"list","block":{"description_kind":"plain"},"max_items":1},"single_header":{"nesting_mode":"list","block":{"attributes":{"name":{"type":"string","description_kind":"plain","required":true}},"description_kind":"plain"},"max_items":1},"single_query_argument":{"nesting_mode":"list","block":{"attributes":{"name":{"type":"string","description_kind":"plain","required":true}},"description_kind":"plain"},"max_items":1},"uri_path":{"nesting_mode":"list","block":{"description_kind":"plain"},"max_items":1}},"description_kind":"plain"},"max_items":1},"text_transformation":{"nesting_mode":"set","block":{"attributes":{"priority":{"type":"number","description_kind":"plain","required":true},"type":{"type":"string","description_kind":"plain","required":true}},"description_kind":"plain"},"min_items":1}},"description_kind":"plain"},"max_items":1},"size_constraint_statement":{"nesting_mode":"list","block":{"attributes":{"comparison_operator":{"type":"string","description_kind":"plain","required":true},"size":{"type":"number","description_kind":"plain","required":true}},"block_types":{"field_to_match":{"nesting_mode":"list","block":{"block_types":{"all_query_arguments":{"nesting_mode":"list","block":{"description_kind":"plain"},"max_items":1},"body":{"nesting_mode":"list","block":{"description_kind":"plain"},"max_items":1},"method":{"nesting_mode":"list","block":{"description_kind":"plain"},"max_items":1},"query_string":{"nesting_mode":"list","block":{"description_kind":"plain"},"max_items":1},"single_header":{"nesting_mode":"list","block":{"attributes":{"name":{"type":"string","description_kind":"plain","required":true}},"description_kind":"plain"},"max_items":1},"single_query_argument":{"nesting_mode":"list","block":{"attributes":{"name":{"type":"string","description_kind":"plain","required":true}},"description_kind":"plain"},"max_items":1},"uri_path":{"nesting_mode":"list","block":{"description_kind":"plain"},"max_items":1}},"description_kind":"plain"},"max_items":1},"text_transformation":{"nesting_mode":"set","block":{"attributes":{"priority":{"type":"number","description_kind":"plain","required":true},"type":{"type":"string","description_kind":"plain","required":true}},"description_kind":"plain"},"min_items":1}},"description_kind":"plain"},"max_items":1},"sqli_match_statement":{"nesting_mode":"list","block":{"block_types":{"field_to_match":{"nesting_mode":"list","block":{"block_types":{"all_query_arguments":{"nesting_mode":"list","block":{"description_kind":"plain"},"max_items":1},"body":{"nesting_mode":"list","block":{"description_kind":"plain"},"max_items":1},"method":{"nesting_mode":"list","block":{"description_kind":"plain"},"max_items":1},"query_string":{"nesting_mode":"list","block":{"description_kind":"plain"},"max_items":1},"single_header":{"nesting_mode":"list","block":{"attributes":{"name":{"type":"string","description_kind":"plain","required":true}},"description_kind":"plain"},"max_items":1},"single_query_argument":{"nesting_mode":"list","block":{"attributes":{"name":{"type":"string","description_kind":"plain","required":true}},"description_kind":"plain"},"max_items":1},"uri_path":{"nesting_mode":"list","block":{"description_kind":"plain"},"max_items":1}},"description_kind":"plain"},"max_items":1},"text_transformation":{"nesting_mode":"set","block":{"attributes":{"priority":{"type":"number","description_kind":"plain","required":true},"type":{"type":"string","description_kind":"plain","required":true}},"description_kind":"plain"},"min_items":1}},"description_kind":"plain"},"max_items":1},"xss_match_statement":{"nesting_mode":"list","block":{"block_types":{"field_to_match":{"nesting_mode":"list","block":{"block_types":{"all_query_arguments":{"nesting_mode":"list","block":{"description_kind":"plain"},"max_items":1},"body":{"nesting_mode":"list","block":{"description_kind":"plain"},"max_items":1},"method":{"nesting_mode":"list","block":{"description_kind":"plain"},"max_items":1},"query_string":{"nesting_mode":"list","block":{"description_kind":"plain"},"max_items":1},"single_header":{"nesting_mode":"list","block":{"attributes":{"name":{"type":"string","description_kind":"plain","required":true}},"description_kind":"plain"},"max_items":1},"single_query_argument":{"nesting_mode":"list","block":{"attributes":{"name":{"type":"string","description_kind":"plain","required":true}},"description_kind":"plain"},"max_items":1},"uri_path":{"nesting_mode":"list","block":{"description_kind":"plain"},"max_items":1}},"description_kind":"plain"},"max_items":1},"text_transformation":{"nesting_mode":"set","block":{"attributes":{"priority":{"type":"number","description_kind":"plain","required":true},"type":{"type":"string","description_kind":"plain","required":true}},"description_kind":"plain"},"min_items":1}},"description_kind":"plain"},"max_items":1}},"description_kind":"plain"},"min_items":1}},"description_kind":"plain"},"max_items":1},"regex_pattern_set_reference_statement":{"nesting_mode":"list","block":{"attributes":{"arn":{"type":"string","description_kind":"plain","required":true}},"block_types":{"field_to_match":{"nesting_mode":"list","block":{"block_types":{"all_query_arguments":{"nesting_mode":"list","block":{"description_kind":"plain"},"max_items":1},"body":{"nesting_mode":"list","block":{"description_kind":"plain"},"max_items":1},"method":{"nesting_mode":"list","block":{"description_kind":"plain"},"max_items":1},"query_string":{"nesting_mode":"list","block":{"description_kind":"plain"},"max_items":1},"single_header":{"nesting_mode":"list","block":{"attributes":{"name":{"type":"string","description_kind":"plain","required":true}},"description_kind":"plain"},"max_items":1},"single_query_argument":{"nesting_mode":"list","block":{"attributes":{"name":{"type":"string","description_kind":"plain","required":true}},"description_kind":"plain"},"max_items":1},"uri_path":{"nesting_mode":"list","block":{"description_kind":"plain"},"max_items":1}},"description_kind":"plain"},"max_items":1},"text_transformation":{"nesting_mode":"set","block":{"attributes":{"priority":{"type":"number","description_kind":"plain","required":true},"type":{"type":"string","description_kind":"plain","required":true}},"description_kind":"plain"},"min_items":1}},"description_kind":"plain"},"max_items":1},"size_constraint_statement":{"nesting_mode":"list","block":{"attributes":{"comparison_operator":{"type":"string","description_kind":"plain","required":true},"size":{"type":"number","description_kind":"plain","required":true}},"block_types":{"field_to_match":{"nesting_mode":"list","block":{"block_types":{"all_query_arguments":{"nesting_mode":"list","block":{"description_kind":"plain"},"max_items":1},"body":{"nesting_mode":"list","block":{"description_kind":"plain"},"max_items":1},"method":{"nesting_mode":"list","block":{"description_kind":"plain"},"max_items":1},"query_string":{"nesting_mode":"list","block":{"description_kind":"plain"},"max_items":1},"single_header":{"nesting_mode":"list","block":{"attributes":{"name":{"type":"string","description_kind":"plain","required":true}},"description_kind":"plain"},"max_items":1},"single_query_argument":{"nesting_mode":"list","block":{"attributes":{"name":{"type":"string","description_kind":"plain","required":true}},"description_kind":"plain"},"max_items":1},"uri_path":{"nesting_mode":"list","block":{"description_kind":"plain"},"max_items":1}},"description_kind":"plain"},"max_items":1},"text_transformation":{"nesting_mode":"set","block":{"attributes":{"priority":{"type":"number","description_kind":"plain","required":true},"type":{"type":"string","description_kind":"plain","required":true}},"description_kind":"plain"},"min_items":1}},"description_kind":"plain"},"max_items":1},"sqli_match_statement":{"nesting_mode":"list","block":{"block_types":{"field_to_match":{"nesting_mode":"list","block":{"block_types":{"all_query_arguments":{"nesting_mode":"list","block":{"description_kind":"plain"},"max_items":1},"body":{"nesting_mode":"list","block":{"description_kind":"plain"},"max_items":1},"method":{"nesting_mode":"list","block":{"description_kind":"plain"},"max_items":1},"query_string":{"nesting_mode":"list","block":{"description_kind":"plain"},"max_items":1},"single_header":{"nesting_mode":"list","block":{"attributes":{"name":{"type":"string","description_kind":"plain","required":true}},"description_kind":"plain"},"max_items":1},"single_query_argument":{"nesting_mode":"list","block":{"attributes":{"name":{"type":"string","description_kind":"plain","required":true}},"description_kind":"plain"},"max_items":1},"uri_path":{"nesting_mode":"list","block":{"description_kind":"plain"},"max_items":1}},"description_kind":"plain"},"max_items":1},"text_transformation":{"nesting_mode":"set","block":{"attributes":{"priority":{"type":"number","description_kind":"plain","required":true},"type":{"type":"string","description_kind":"plain","required":true}},"description_kind":"plain"},"min_items":1}},"description_kind":"plain"},"max_items":1},"xss_match_statement":{"nesting_mode":"list","block":{"block_types":{"field_to_match":{"nesting_mode":"list","block":{"block_types":{"all_query_arguments":{"nesting_mode":"list","block":{"description_kind":"plain"},"max_items":1},"body":{"nesting_mode":"list","block":{"description_kind":"plain"},"max_items":1},"method":{"nesting_mode":"list","block":{"description_kind":"plain"},"max_items":1},"query_string":{"nesting_mode":"list","block":{"description_kind":"plain"},"max_items":1},"single_header":{"nesting_mode":"list","block":{"attributes":{"name":{"type":"string","description_kind":"plain","required":true}},"description_kind":"plain"},"max_items":1},"single_query_argument":{"nesting_mode":"list","block":{"attributes":{"name":{"type":"string","description_kind":"plain","required":true}},"description_kind":"plain"},"max_items":1},"uri_path":{"nesting_mode":"list","block":{"description_kind":"plain"},"max_items":1}},"description_kind":"plain"},"max_items":1},"text_transformation":{"nesting_mode":"set","block":{"attributes":{"priority":{"type":"number","description_kind":"plain","required":true},"type":{"type":"string","description_kind":"plain","required":true}},"description_kind":"plain"},"min_items":1}},"description_kind":"plain"},"max_items":1}},"description_kind":"plain"},"min_items":1}},"description_kind":"plain"},"max_items":1},"regex_pattern_set_reference_statement":{"nesting_mode":"list","block":{"attributes":{"arn":{"type":"string","description_kind":"plain","required":true}},"block_types":{"field_to_match":{"nesting_mode":"list","block":{"block_types":{"all_query_arguments":{"nesting_mode":"list","block":{"description_kind":"plain"},"max_items":1},"body":{"nesting_mode":"list","block":{"description_kind":"plain"},"max_items":1},"method":{"nesting_mode":"list","block":{"description_kind":"plain"},"max_items":1},"query_string":{"nesting_mode":"list","block":{"description_kind":"plain"},"max_items":1},"single_header":{"nesting_mode":"list","block":{"attributes":{"name":{"type":"string","description_kind":"plain","required":true}},"description_kind":"plain"},"max_items":1},"single_query_argument":{"nesting_mode":"list","block":{"attributes":{"name":{"type":"string","description_kind":"plain","required":true}},"description_kind":"plain"},"max_items":1},"uri_path":{"nesting_mode":"list","block":{"description_kind":"plain"},"max_items":1}},"description_kind":"plain"},"max_items":1},"text_transformation":{"nesting_mode":"set","block":{"attributes":{"priority":{"type":"number","description_kind":"plain","required":true},"type":{"type":"string","description_kind":"plain","required":true}},"description_kind":"plain"},"min_items":1}},"description_kind":"plain"},"max_items":1},"size_constraint_statement":{"nesting_mode":"list","block":{"attributes":{"comparison_operator":{"type":"string","description_kind":"plain","required":true},"size":{"type":"number","description_kind":"plain","required":true}},"block_types":{"field_to_match":{"nesting_mode":"list","block":{"block_types":{"all_query_arguments":{"nesting_mode":"list","block":{"description_kind":"plain"},"max_items":1},"body":{"nesting_mode":"list","block":{"description_kind":"plain"},"max_items":1},"method":{"nesting_mode":"list","block":{"description_kind":"plain"},"max_items":1},"query_string":{"nesting_mode":"list","block":{"description_kind":"plain"},"max_items":1},"single_header":{"nesting_mode":"list","block":{"attributes":{"name":{"type":"string","description_kind":"plain","required":true}},"description_kind":"plain"},"max_items":1},"single_query_argument":{"nesting_mode":"list","block":{"attributes":{"name":{"type":"string","description_kind":"plain","required":true}},"description_kind":"plain"},"max_items":1},"uri_path":{"nesting_mode":"list","block":{"description_kind":"plain"},"max_items":1}},"description_kind":"plain"},"max_items":1},"text_transformation":{"nesting_mode":"set","block":{"attributes":{"priority":{"type":"number","description_kind":"plain","required":true},"type":{"type":"string","description_kind":"plain","required":true}},"description_kind":"plain"},"min_items":1}},"description_kind":"plain"},"max_items":1},"sqli_match_statement":{"nesting_mode":"list","block":{"block_types":{"field_to_match":{"nesting_mode":"list","block":{"block_types":{"all_query_arguments":{"nesting_mode":"list","block":{"description_kind":"plain"},"max_items":1},"body":{"nesting_mode":"list","block":{"description_kind":"plain"},"max_items":1},"method":{"nesting_mode":"list","block":{"description_kind":"plain"},"max_items":1},"query_string":{"nesting_mode":"list","block":{"description_kind":"plain"},"max_items":1},"single_header":{"nesting_mode":"list","block":{"attributes":{"name":{"type":"string","description_kind":"plain","required":true}},"description_kind":"plain"},"max_items":1},"single_query_argument":{"nesting_mode":"list","block":{"attributes":{"name":{"type":"string","description_kind":"plain","required":true}},"description_kind":"plain"},"max_items":1},"uri_path":{"nesting_mode":"list","block":{"description_kind":"plain"},"max_items":1}},"description_kind":"plain"},"max_items":1},"text_transformation":{"nesting_mode":"set","block":{"attributes":{"priority":{"type":"number","description_kind":"plain","required":true},"type":{"type":"string","description_kind":"plain","required":true}},"description_kind":"plain"},"min_items":1}},"description_kind":"plain"},"max_items":1},"xss_match_statement":{"nesting_mode":"list","block":{"block_types":{"field_to_match":{"nesting_mode":"list","block":{"block_types":{"all_query_arguments":{"nesting_mode":"list","block":{"description_kind":"plain"},"max_items":1},"body":{"nesting_mode":"list","block":{"description_kind":"plain"},"max_items":1},"method":{"nesting_mode":"list","block":{"description_kind":"plain"},"max_items":1},"query_string":{"nesting_mode":"list","block":{"description_kind":"plain"},"max_items":1},"single_header":{"nesting_mode":"list","block":{"attributes":{"name":{"type":"string","description_kind":"plain","required":true}},"description_kind":"plain"},"max_items":1},"single_query_argument":{"nesting_mode":"list","block":{"attributes":{"name":{"type":"string","description_kind":"plain","required":true}},"description_kind":"plain"},"max_items":1},"uri_path":{"nesting_mode":"list","block":{"description_kind":"plain"},"max_items":1}},"description_kind":"plain"},"max_items":1},"text_transformation":{"nesting_mode":"set","block":{"attributes":{"priority":{"type":"number","description_kind":"plain","required":true},"type":{"type":"string","description_kind":"plain","required":true}},"description_kind":"plain"},"min_items":1}},"description_kind":"plain"},"max_items":1}},"description_kind":"plain"},"min_items":1}},"description_kind":"plain"},"max_items":1},"rate_based_statement":{"nesting_mode":"list","block":{"attributes":{"aggregate_key_type":{"type":"string","description_kind":"plain","optional":true},"limit":{"type":"number","description_kind":"plain","required":true}},"block_types":{"forwarded_ip_config":{"nesting_mode":"list","block":{"attributes":{"fallback_behavior":{"type":"string","description_kind":"plain","required":true},"header_name":{"type":"string","description_kind":"plain","required":true}},"description_kind":"plain"},"max_items":1},"scope_down_statement":{"nesting_mode":"list","block":{"block_types":{"and_statement":{"nesting_mode":"list","block":{"block_types":{"statement":{"nesting_mode":"list","block":{"block_types":{"and_statement":{"nesting_mode":"list","block":{"block_types":{"statement":{"nesting_mode":"list","block":{"block_types":{"byte_match_statement":{"nesting_mode":"list","block":{"attributes":{"positional_constraint":{"type":"string","description_kind":"plain","required":true},"search_string":{"type":"string","description_kind":"plain","required":true}},"block_types":{"field_to_match":{"nesting_mode":"list","block":{"block_types":{"all_query_arguments":{"nesting_mode":"list","block":{"description_kind":"plain"},"max_items":1},"body":{"nesting_mode":"list","block":{"description_kind":"plain"},"max_items":1},"method":{"nesting_mode":"list","block":{"description_kind":"plain"},"max_items":1},"query_string":{"nesting_mode":"list","block":{"description_kind":"plain"},"max_items":1},"single_header":{"nesting_mode":"list","block":{"attributes":{"name":{"type":"string","description_kind":"plain","required":true}},"description_kind":"plain"},"max_items":1},"single_query_argument":{"nesting_mode":"list","block":{"attributes":{"name":{"type":"string","description_kind":"plain","required":true}},"description_kind":"plain"},"max_items":1},"uri_path":{"nesting_mode":"list","block":{"description_kind":"plain"},"max_items":1}},"description_kind":"plain"},"max_items":1},"text_transformation":{"nesting_mode":"set","block":{"attributes":{"priority":{"type":"number","description_kind":"plain","required":true},"type":{"type":"string","description_kind":"plain","required":true}},"description_kind":"plain"},"min_items":1}},"description_kind":"plain"},"max_items":1},"geo_match_statement":{"nesting_mode":"list","block":{"attributes":{"country_codes":{"type":["list","string"],"description_kind":"plain","required":true}},"block_types":{"forwarded_ip_config":{"nesting_mode":"list","block":{"attributes":{"fallback_behavior":{"type":"string","description_kind":"plain","required":true},"header_name":{"type":"string","description_kind":"plain","required":true}},"description_kind":"plain"},"max_items":1}},"description_kind":"plain"},"max_items":1},"ip_set_reference_statement":{"nesting_mode":"list","block":{"attributes":{"arn":{"type":"string","description_kind":"plain","required":true}},"block_types":{"ip_set_forwarded_ip_config":{"nesting_mode":"list","block":{"attributes":{"fallback_behavior":{"type":"string","description_kind":"plain","required":true},"header_name":{"type":"string","description_kind":"plain","required":true},"position":{"type":"string","description_kind":"plain","required":true}},"description_kind":"plain"},"max_items":1}},"description_kind":"plain"},"max_items":1},"regex_pattern_set_reference_statement":{"nesting_mode":"list","block":{"attributes":{"arn":{"type":"string","description_kind":"plain","required":true}},"block_types":{"field_to_match":{"nesting_mode":"list","block":{"block_types":{"all_query_arguments":{"nesting_mode":"list","block":{"description_kind":"plain"},"max_items":1},"body":{"nesting_mode":"list","block":{"description_kind":"plain"},"max_items":1},"method":{"nesting_mode":"list","block":{"description_kind":"plain"},"max_items":1},"query_string":{"nesting_mode":"list","block":{"description_kind":"plain"},"max_items":1},"single_header":{"nesting_mode":"list","block":{"attributes":{"name":{"type":"string","description_kind":"plain","required":true}},"description_kind":"plain"},"max_items":1},"single_query_argument":{"nesting_mode":"list","block":{"attributes":{"name":{"type":"string","description_kind":"plain","required":true}},"description_kind":"plain"},"max_items":1},"uri_path":{"nesting_mode":"list","block":{"description_kind":"plain"},"max_items":1}},"description_kind":"plain"},"max_items":1},"text_transformation":{"nesting_mode":"set","block":{"attributes":{"priority":{"type":"number","description_kind":"plain","required":true},"type":{"type":"string","description_kind":"plain","required":true}},"description_kind":"plain"},"min_items":1}},"description_kind":"plain"},"max_items":1},"size_constraint_statement":{"nesting_mode":"list","block":{"attributes":{"comparison_operator":{"type":"string","description_kind":"plain","required":true},"size":{"type":"number","description_kind":"plain","required":true}},"block_types":{"field_to_match":{"nesting_mode":"list","block":{"block_types":{"all_query_arguments":{"nesting_mode":"list","block":{"description_kind":"plain"},"max_items":1},"body":{"nesting_mode":"list","block":{"description_kind":"plain"},"max_items":1},"method":{"nesting_mode":"list","block":{"description_kind":"plain"},"max_items":1},"query_string":{"nesting_mode":"list","block":{"description_kind":"plain"},"max_items":1},"single_header":{"nesting_mode":"list","block":{"attributes":{"name":{"type":"string","description_kind":"plain","required":true}},"description_kind":"plain"},"max_items":1},"single_query_argument":{"nesting_mode":"list","block":{"attributes":{"name":{"type":"string","description_kind":"plain","required":true}},"description_kind":"plain"},"max_items":1},"uri_path":{"nesting_mode":"list","block":{"description_kind":"plain"},"max_items":1}},"description_kind":"plain"},"max_items":1},"text_transformation":{"nesting_mode":"set","block":{"attributes":{"priority":{"type":"number","description_kind":"plain","required":true},"type":{"type":"string","description_kind":"plain","required":true}},"description_kind":"plain"},"min_items":1}},"description_kind":"plain"},"max_items":1},"sqli_match_statement":{"nesting_mode":"list","block":{"block_types":{"field_to_match":{"nesting_mode":"list","block":{"block_types":{"all_query_arguments":{"nesting_mode":"list","block":{"description_kind":"plain"},"max_items":1},"body":{"nesting_mode":"list","block":{"description_kind":"plain"},"max_items":1},"method":{"nesting_mode":"list","block":{"description_kind":"plain"},"max_items":1},"query_string":{"nesting_mode":"list","block":{"description_kind":"plain"},"max_items":1},"single_header":{"nesting_mode":"list","block":{"attributes":{"name":{"type":"string","description_kind":"plain","required":true}},"description_kind":"plain"},"max_items":1},"single_query_argument":{"nesting_mode":"list","block":{"attributes":{"name":{"type":"string","description_kind":"plain","required":true}},"description_kind":"plain"},"max_items":1},"uri_path":{"nesting_mode":"list","block":{"description_kind":"plain"},"max_items":1}},"description_kind":"plain"},"max_items":1},"text_transformation":{"nesting_mode":"set","block":{"attributes":{"priority":{"type":"number","description_kind":"plain","required":true},"type":{"type":"string","description_kind":"plain","required":true}},"description_kind":"plain"},"min_items":1}},"description_kind":"plain"},"max_items":1},"xss_match_statement":{"nesting_mode":"list","block":{"block_types":{"field_to_match":{"nesting_mode":"list","block":{"block_types":{"all_query_arguments":{"nesting_mode":"list","block":{"description_kind":"plain"},"max_items":1},"body":{"nesting_mode":"list","block":{"description_kind":"plain"},"max_items":1},"method":{"nesting_mode":"list","block":{"description_kind":"plain"},"max_items":1},"query_string":{"nesting_mode":"list","block":{"description_kind":"plain"},"max_items":1},"single_header":{"nesting_mode":"list","block":{"attributes":{"name":{"type":"string","description_kind":"plain","required":true}},"description_kind":"plain"},"max_items":1},"single_query_argument":{"nesting_mode":"list","block":{"attributes":{"name":{"type":"string","description_kind":"plain","required":true}},"description_kind":"plain"},"max_items":1},"uri_path":{"nesting_mode":"list","block":{"description_kind":"plain"},"max_items":1}},"description_kind":"plain"},"max_items":1},"text_transformation":{"nesting_mode":"set","block":{"attributes":{"priority":{"type":"number","description_kind":"plain","required":true},"type":{"type":"string","description_kind":"plain","required":true}},"description_kind":"plain"},"min_items":1}},"description_kind":"plain"},"max_items":1}},"description_kind":"plain"},"min_items":1}},"description_kind":"plain"},"max_items":1},"byte_match_statement":{"nesting_mode":"list","block":{"attributes":{"positional_constraint":{"type":"string","description_kind":"plain","required":true},"search_string":{"type":"string","description_kind":"plain","required":true}},"block_types":{"field_to_match":{"nesting_mode":"list","block":{"block_types":{"all_query_arguments":{"nesting_mode":"list","block":{"description_kind":"plain"},"max_items":1},"body":{"nesting_mode":"list","block":{"description_kind":"plain"},"max_items":1},"method":{"nesting_mode":"list","block":{"description_kind":"plain"},"max_items":1},"query_string":{"nesting_mode":"list","block":{"description_kind":"plain"},"max_items":1},"single_header":{"nesting_mode":"list","block":{"attributes":{"name":{"type":"string","description_kind":"plain","required":true}},"description_kind":"plain"},"max_items":1},"single_query_argument":{"nesting_mode":"list","block":{"attributes":{"name":{"type":"string","description_kind":"plain","required":true}},"description_kind":"plain"},"max_items":1},"uri_path":{"nesting_mode":"list","block":{"description_kind":"plain"},"max_items":1}},"description_kind":"plain"},"max_items":1},"text_transformation":{"nesting_mode":"set","block":{"attributes":{"priority":{"type":"number","description_kind":"plain","required":true},"type":{"type":"string","description_kind":"plain","required":true}},"description_kind":"plain"},"min_items":1}},"description_kind":"plain"},"max_items":1},"geo_match_statement":{"nesting_mode":"list","block":{"attributes":{"country_codes":{"type":["list","string"],"description_kind":"plain","required":true}},"block_types":{"forwarded_ip_config":{"nesting_mode":"list","block":{"attributes":{"fallback_behavior":{"type":"string","description_kind":"plain","required":true},"header_name":{"type":"string","description_kind":"plain","required":true}},"description_kind":"plain"},"max_items":1}},"description_kind":"plain"},"max_items":1},"ip_set_reference_statement":{"nesting_mode":"list","block":{"attributes":{"arn":{"type":"string","description_kind":"plain","required":true}},"block_types":{"ip_set_forwarded_ip_config":{"nesting_mode":"list","block":{"attributes":{"fallback_behavior":{"type":"string","description_kind":"plain","required":true},"header_name":{"type":"string","description_kind":"plain","required":true},"position":{"type":"string","description_kind":"plain","required":true}},"description_kind":"plain"},"max_items":1}},"description_kind":"plain"},"max_items":1},"not_statement":{"nesting_mode":"list","block":{"block_types":{"statement":{"nesting_mode":"list","block":{"block_types":{"byte_match_statement":{"nesting_mode":"list","block":{"attributes":{"positional_constraint":{"type":"string","description_kind":"plain","required":true},"search_string":{"type":"string","description_kind":"plain","required":true}},"block_types":{"field_to_match":{"nesting_mode":"list","block":{"block_types":{"all_query_arguments":{"nesting_mode":"list","block":{"description_kind":"plain"},"max_items":1},"body":{"nesting_mode":"list","block":{"description_kind":"plain"},"max_items":1},"method":{"nesting_mode":"list","block":{"description_kind":"plain"},"max_items":1},"query_string":{"nesting_mode":"list","block":{"description_kind":"plain"},"max_items":1},"single_header":{"nesting_mode":"list","block":{"attributes":{"name":{"type":"string","description_kind":"plain","required":true}},"description_kind":"plain"},"max_items":1},"single_query_argument":{"nesting_mode":"list","block":{"attributes":{"name":{"type":"string","description_kind":"plain","required":true}},"description_kind":"plain"},"max_items":1},"uri_path":{"nesting_mode":"list","block":{"description_kind":"plain"},"max_items":1}},"description_kind":"plain"},"max_items":1},"text_transformation":{"nesting_mode":"set","block":{"attributes":{"priority":{"type":"number","description_kind":"plain","required":true},"type":{"type":"string","description_kind":"plain","required":true}},"description_kind":"plain"},"min_items":1}},"description_kind":"plain"},"max_items":1},"geo_match_statement":{"nesting_mode":"list","block":{"attributes":{"country_codes":{"type":["list","string"],"description_kind":"plain","required":true}},"block_types":{"forwarded_ip_config":{"nesting_mode":"list","block":{"attributes":{"fallback_behavior":{"type":"string","description_kind":"plain","required":true},"header_name":{"type":"string","description_kind":"plain","required":true}},"description_kind":"plain"},"max_items":1}},"description_kind":"plain"},"max_items":1},"ip_set_reference_statement":{"nesting_mode":"list","block":{"attributes":{"arn":{"type":"string","description_kind":"plain","required":true}},"block_types":{"ip_set_forwarded_ip_config":{"nesting_mode":"list","block":{"attributes":{"fallback_behavior":{"type":"string","description_kind":"plain","required":true},"header_name":{"type":"string","description_kind":"plain","required":true},"position":{"type":"string","description_kind":"plain","required":true}},"description_kind":"plain"},"max_items":1}},"description_kind":"plain"},"max_items":1},"regex_pattern_set_reference_statement":{"nesting_mode":"list","block":{"attributes":{"arn":{"type":"string","description_kind":"plain","required":true}},"block_types":{"field_to_match":{"nesting_mode":"list","block":{"block_types":{"all_query_arguments":{"nesting_mode":"list","block":{"description_kind":"plain"},"max_items":1},"body":{"nesting_mode":"list","block":{"description_kind":"plain"},"max_items":1},"method":{"nesting_mode":"list","block":{"description_kind":"plain"},"max_items":1},"query_string":{"nesting_mode":"list","block":{"description_kind":"plain"},"max_items":1},"single_header":{"nesting_mode":"list","block":{"attributes":{"name":{"type":"string","description_kind":"plain","required":true}},"description_kind":"plain"},"max_items":1},"single_query_argument":{"nesting_mode":"list","block":{"attributes":{"name":{"type":"string","description_kind":"plain","required":true}},"description_kind":"plain"},"max_items":1},"uri_path":{"nesting_mode":"list","block":{"description_kind":"plain"},"max_items":1}},"description_kind":"plain"},"max_items":1},"text_transformation":{"nesting_mode":"set","block":{"attributes":{"priority":{"type":"number","description_kind":"plain","required":true},"type":{"type":"string","description_kind":"plain","required":true}},"description_kind":"plain"},"min_items":1}},"description_kind":"plain"},"max_items":1},"size_constraint_statement":{"nesting_mode":"list","block":{"attributes":{"comparison_operator":{"type":"string","description_kind":"plain","required":true},"size":{"type":"number","description_kind":"plain","required":true}},"block_types":{"field_to_match":{"nesting_mode":"list","block":{"block_types":{"all_query_arguments":{"nesting_mode":"list","block":{"description_kind":"plain"},"max_items":1},"body":{"nesting_mode":"list","block":{"description_kind":"plain"},"max_items":1},"method":{"nesting_mode":"list","block":{"description_kind":"plain"},"max_items":1},"query_string":{"nesting_mode":"list","block":{"description_kind":"plain"},"max_items":1},"single_header":{"nesting_mode":"list","block":{"attributes":{"name":{"type":"string","description_kind":"plain","required":true}},"description_kind":"plain"},"max_items":1},"single_query_argument":{"nesting_mode":"list","block":{"attributes":{"name":{"type":"string","description_kind":"plain","required":true}},"description_kind":"plain"},"max_items":1},"uri_path":{"nesting_mode":"list","block":{"description_kind":"plain"},"max_items":1}},"description_kind":"plain"},"max_items":1},"text_transformation":{"nesting_mode":"set","block":{"attributes":{"priority":{"type":"number","description_kind":"plain","required":true},"type":{"type":"string","description_kind":"plain","required":true}},"description_kind":"plain"},"min_items":1}},"description_kind":"plain"},"max_items":1},"sqli_match_statement":{"nesting_mode":"list","block":{"block_types":{"field_to_match":{"nesting_mode":"list","block":{"block_types":{"all_query_arguments":{"nesting_mode":"list","block":{"description_kind":"plain"},"max_items":1},"body":{"nesting_mode":"list","block":{"description_kind":"plain"},"max_items":1},"method":{"nesting_mode":"list","block":{"description_kind":"plain"},"max_items":1},"query_string":{"nesting_mode":"list","block":{"description_kind":"plain"},"max_items":1},"single_header":{"nesting_mode":"list","block":{"attributes":{"name":{"type":"string","description_kind":"plain","required":true}},"description_kind":"plain"},"max_items":1},"single_query_argument":{"nesting_mode":"list","block":{"attributes":{"name":{"type":"string","description_kind":"plain","required":true}},"description_kind":"plain"},"max_items":1},"uri_path":{"nesting_mode":"list","block":{"description_kind":"plain"},"max_items":1}},"description_kind":"plain"},"max_items":1},"text_transformation":{"nesting_mode":"set","block":{"attributes":{"priority":{"type":"number","description_kind":"plain","required":true},"type":{"type":"string","description_kind":"plain","required":true}},"description_kind":"plain"},"min_items":1}},"description_kind":"plain"},"max_items":1},"xss_match_statement":{"nesting_mode":"list","block":{"block_types":{"field_to_match":{"nesting_mode":"list","block":{"block_types":{"all_query_arguments":{"nesting_mode":"list","block":{"description_kind":"plain"},"max_items":1},"body":{"nesting_mode":"list","block":{"description_kind":"plain"},"max_items":1},"method":{"nesting_mode":"list","block":{"description_kind":"plain"},"max_items":1},"query_string":{"nesting_mode":"list","block":{"description_kind":"plain"},"max_items":1},"single_header":{"nesting_mode":"list","block":{"attributes":{"name":{"type":"string","description_kind":"plain","required":true}},"description_kind":"plain"},"max_items":1},"single_query_argument":{"nesting_mode":"list","block":{"attributes":{"name":{"type":"string","description_kind":"plain","required":true}},"description_kind":"plain"},"max_items":1},"uri_path":{"nesting_mode":"list","block":{"description_kind":"plain"},"max_items":1}},"description_kind":"plain"},"max_items":1},"text_transformation":{"nesting_mode":"set","block":{"attributes":{"priority":{"type":"number","description_kind":"plain","required":true},"type":{"type":"string","description_kind":"plain","required":true}},"description_kind":"plain"},"min_items":1}},"description_kind":"plain"},"max_items":1}},"description_kind":"plain"},"min_items":1}},"description_kind":"plain"},"max_items":1},"or_statement":{"nesting_mode":"list","block":{"block_types":{"statement":{"nesting_mode":"list","block":{"block_types":{"byte_match_statement":{"nesting_mode":"list","block":{"attributes":{"positional_constraint":{"type":"string","description_kind":"plain","required":true},"search_string":{"type":"string","description_kind":"plain","required":true}},"block_types":{"field_to_match":{"nesting_mode":"list","block":{"block_types":{"all_query_arguments":{"nesting_mode":"list","block":{"description_kind":"plain"},"max_items":1},"body":{"nesting_mode":"list","block":{"description_kind":"plain"},"max_items":1},"method":{"nesting_mode":"list","block":{"description_kind":"plain"},"max_items":1},"query_string":{"nesting_mode":"list","block":{"description_kind":"plain"},"max_items":1},"single_header":{"nesting_mode":"list","block":{"attributes":{"name":{"type":"string","description_kind":"plain","required":true}},"description_kind":"plain"},"max_items":1},"single_query_argument":{"nesting_mode":"list","block":{"attributes":{"name":{"type":"string","description_kind":"plain","required":true}},"description_kind":"plain"},"max_items":1},"uri_path":{"nesting_mode":"list","block":{"description_kind":"plain"},"max_items":1}},"description_kind":"plain"},"max_items":1},"text_transformation":{"nesting_mode":"set","block":{"attributes":{"priority":{"type":"number","description_kind":"plain","required":true},"type":{"type":"string","description_kind":"plain","required":true}},"description_kind":"plain"},"min_items":1}},"description_kind":"plain"},"max_items":1},"geo_match_statement":{"nesting_mode":"list","block":{"attributes":{"country_codes":{"type":["list","string"],"description_kind":"plain","required":true}},"block_types":{"forwarded_ip_config":{"nesting_mode":"list","block":{"attributes":{"fallback_behavior":{"type":"string","description_kind":"plain","required":true},"header_name":{"type":"string","description_kind":"plain","required":true}},"description_kind":"plain"},"max_items":1}},"description_kind":"plain"},"max_items":1},"ip_set_reference_statement":{"nesting_mode":"list","block":{"attributes":{"arn":{"type":"string","description_kind":"plain","required":true}},"block_types":{"ip_set_forwarded_ip_config":{"nesting_mode":"list","block":{"attributes":{"fallback_behavior":{"type":"string","description_kind":"plain","required":true},"header_name":{"type":"string","description_kind":"plain","required":true},"position":{"type":"string","description_kind":"plain","required":true}},"description_kind":"plain"},"max_items":1}},"description_kind":"plain"},"max_items":1},"regex_pattern_set_reference_statement":{"nesting_mode":"list","block":{"attributes":{"arn":{"type":"string","description_kind":"plain","required":true}},"block_types":{"field_to_match":{"nesting_mode":"list","block":{"block_types":{"all_query_arguments":{"nesting_mode":"list","block":{"description_kind":"plain"},"max_items":1},"body":{"nesting_mode":"list","block":{"description_kind":"plain"},"max_items":1},"method":{"nesting_mode":"list","block":{"description_kind":"plain"},"max_items":1},"query_string":{"nesting_mode":"list","block":{"description_kind":"plain"},"max_items":1},"single_header":{"nesting_mode":"list","block":{"attributes":{"name":{"type":"string","description_kind":"plain","required":true}},"description_kind":"plain"},"max_items":1},"single_query_argument":{"nesting_mode":"list","block":{"attributes":{"name":{"type":"string","description_kind":"plain","required":true}},"description_kind":"plain"},"max_items":1},"uri_path":{"nesting_mode":"list","block":{"description_kind":"plain"},"max_items":1}},"description_kind":"plain"},"max_items":1},"text_transformation":{"nesting_mode":"set","block":{"attributes":{"priority":{"type":"number","description_kind":"plain","required":true},"type":{"type":"string","description_kind":"plain","required":true}},"description_kind":"plain"},"min_items":1}},"description_kind":"plain"},"max_items":1},"size_constraint_statement":{"nesting_mode":"list","block":{"attributes":{"comparison_operator":{"type":"string","description_kind":"plain","required":true},"size":{"type":"number","description_kind":"plain","required":true}},"block_types":{"field_to_match":{"nesting_mode":"list","block":{"block_types":{"all_query_arguments":{"nesting_mode":"list","block":{"description_kind":"plain"},"max_items":1},"body":{"nesting_mode":"list","block":{"description_kind":"plain"},"max_items":1},"method":{"nesting_mode":"list","block":{"description_kind":"plain"},"max_items":1},"query_string":{"nesting_mode":"list","block":{"description_kind":"plain"},"max_items":1},"single_header":{"nesting_mode":"list","block":{"attributes":{"name":{"type":"string","description_kind":"plain","required":true}},"description_kind":"plain"},"max_items":1},"single_query_argument":{"nesting_mode":"list","block":{"attributes":{"name":{"type":"string","description_kind":"plain","required":true}},"description_kind":"plain"},"max_items":1},"uri_path":{"nesting_mode":"list","block":{"description_kind":"plain"},"max_items":1}},"description_kind":"plain"},"max_items":1},"text_transformation":{"nesting_mode":"set","block":{"attributes":{"priority":{"type":"number","description_kind":"plain","required":true},"type":{"type":"string","description_kind":"plain","required":true}},"description_kind":"plain"},"min_items":1}},"description_kind":"plain"},"max_items":1},"sqli_match_statement":{"nesting_mode":"list","block":{"block_types":{"field_to_match":{"nesting_mode":"list","block":{"block_types":{"all_query_arguments":{"nesting_mode":"list","block":{"description_kind":"plain"},"max_items":1},"body":{"nesting_mode":"list","block":{"description_kind":"plain"},"max_items":1},"method":{"nesting_mode":"list","block":{"description_kind":"plain"},"max_items":1},"query_string":{"nesting_mode":"list","block":{"description_kind":"plain"},"max_items":1},"single_header":{"nesting_mode":"list","block":{"attributes":{"name":{"type":"string","description_kind":"plain","required":true}},"description_kind":"plain"},"max_items":1},"single_query_argument":{"nesting_mode":"list","block":{"attributes":{"name":{"type":"string","description_kind":"plain","required":true}},"description_kind":"plain"},"max_items":1},"uri_path":{"nesting_mode":"list","block":{"description_kind":"plain"},"max_items":1}},"description_kind":"plain"},"max_items":1},"text_transformation":{"nesting_mode":"set","block":{"attributes":{"priority":{"type":"number","description_kind":"plain","required":true},"type":{"type":"string","description_kind":"plain","required":true}},"description_kind":"plain"},"min_items":1}},"description_kind":"plain"},"max_items":1},"xss_match_statement":{"nesting_mode":"list","block":{"block_types":{"field_to_match":{"nesting_mode":"list","block":{"block_types":{"all_query_arguments":{"nesting_mode":"list","block":{"description_kind":"plain"},"max_items":1},"body":{"nesting_mode":"list","block":{"description_kind":"plain"},"max_items":1},"method":{"nesting_mode":"list","block":{"description_kind":"plain"},"max_items":1},"query_string":{"nesting_mode":"list","block":{"description_kind":"plain"},"max_items":1},"single_header":{"nesting_mode":"list","block":{"attributes":{"name":{"type":"string","description_kind":"plain","required":true}},"description_kind":"plain"},"max_items":1},"single_query_argument":{"nesting_mode":"list","block":{"attributes":{"name":{"type":"string","description_kind":"plain","required":true}},"description_kind":"plain"},"max_items":1},"uri_path":{"nesting_mode":"list","block":{"description_kind":"plain"},"max_items":1}},"description_kind":"plain"},"max_items":1},"text_transformation":{"nesting_mode":"set","block":{"attributes":{"priority":{"type":"number","description_kind":"plain","required":true},"type":{"type":"string","description_kind":"plain","required":true}},"description_kind":"plain"},"min_items":1}},"description_kind":"plain"},"max_items":1}},"description_kind":"plain"},"min_items":1}},"description_kind":"plain"},"max_items":1},"regex_pattern_set_reference_statement":{"nesting_mode":"list","block":{"attributes":{"arn":{"type":"string","description_kind":"plain","required":true}},"block_types":{"field_to_match":{"nesting_mode":"list","block":{"block_types":{"all_query_arguments":{"nesting_mode":"list","block":{"description_kind":"plain"},"max_items":1},"body":{"nesting_mode":"list","block":{"description_kind":"plain"},"max_items":1},"method":{"nesting_mode":"list","block":{"description_kind":"plain"},"max_items":1},"query_string":{"nesting_mode":"list","block":{"description_kind":"plain"},"max_items":1},"single_header":{"nesting_mode":"list","block":{"attributes":{"name":{"type":"string","description_kind":"plain","required":true}},"description_kind":"plain"},"max_items":1},"single_query_argument":{"nesting_mode":"list","block":{"attributes":{"name":{"type":"string","description_kind":"plain","required":true}},"description_kind":"plain"},"max_items":1},"uri_path":{"nesting_mode":"list","block":{"description_kind":"plain"},"max_items":1}},"description_kind":"plain"},"max_items":1},"text_transformation":{"nesting_mode":"set","block":{"attributes":{"priority":{"type":"number","description_kind":"plain","required":true},"type":{"type":"string","description_kind":"plain","required":true}},"description_kind":"plain"},"min_items":1}},"description_kind":"plain"},"max_items":1},"size_constraint_statement":{"nesting_mode":"list","block":{"attributes":{"comparison_operator":{"type":"string","description_kind":"plain","required":true},"size":{"type":"number","description_kind":"plain","required":true}},"block_types":{"field_to_match":{"nesting_mode":"list","block":{"block_types":{"all_query_arguments":{"nesting_mode":"list","block":{"description_kind":"plain"},"max_items":1},"body":{"nesting_mode":"list","block":{"description_kind":"plain"},"max_items":1},"method":{"nesting_mode":"list","block":{"description_kind":"plain"},"max_items":1},"query_string":{"nesting_mode":"list","block":{"description_kind":"plain"},"max_items":1},"single_header":{"nesting_mode":"list","block":{"attributes":{"name":{"type":"string","description_kind":"plain","required":true}},"description_kind":"plain"},"max_items":1},"single_query_argument":{"nesting_mode":"list","block":{"attributes":{"name":{"type":"string","description_kind":"plain","required":true}},"description_kind":"plain"},"max_items":1},"uri_path":{"nesting_mode":"list","block":{"description_kind":"plain"},"max_items":1}},"description_kind":"plain"},"max_items":1},"text_transformation":{"nesting_mode":"set","block":{"attributes":{"priority":{"type":"number","description_kind":"plain","required":true},"type":{"type":"string","description_kind":"plain","required":true}},"description_kind":"plain"},"min_items":1}},"description_kind":"plain"},"max_items":1},"sqli_match_statement":{"nesting_mode":"list","block":{"block_types":{"field_to_match":{"nesting_mode":"list","block":{"block_types":{"all_query_arguments":{"nesting_mode":"list","block":{"description_kind":"plain"},"max_items":1},"body":{"nesting_mode":"list","block":{"description_kind":"plain"},"max_items":1},"method":{"nesting_mode":"list","block":{"description_kind":"plain"},"max_items":1},"query_string":{"nesting_mode":"list","block":{"description_kind":"plain"},"max_items":1},"single_header":{"nesting_mode":"list","block":{"attributes":{"name":{"type":"string","description_kind":"plain","required":true}},"description_kind":"plain"},"max_items":1},"single_query_argument":{"nesting_mode":"list","block":{"attributes":{"name":{"type":"string","description_kind":"plain","required":true}},"description_kind":"plain"},"max_items":1},"uri_path":{"nesting_mode":"list","block":{"description_kind":"plain"},"max_items":1}},"description_kind":"plain"},"max_items":1},"text_transformation":{"nesting_mode":"set","block":{"attributes":{"priority":{"type":"number","description_kind":"plain","required":true},"type":{"type":"string","description_kind":"plain","required":true}},"description_kind":"plain"},"min_items":1}},"description_kind":"plain"},"max_items":1},"xss_match_statement":{"nesting_mode":"list","block":{"block_types":{"field_to_match":{"nesting_mode":"list","block":{"block_types":{"all_query_arguments":{"nesting_mode":"list","block":{"description_kind":"plain"},"max_items":1},"body":{"nesting_mode":"list","block":{"description_kind":"plain"},"max_items":1},"method":{"nesting_mode":"list","block":{"description_kind":"plain"},"max_items":1},"query_string":{"nesting_mode":"list","block":{"description_kind":"plain"},"max_items":1},"single_header":{"nesting_mode":"list","block":{"attributes":{"name":{"type":"string","description_kind":"plain","required":true}},"description_kind":"plain"},"max_items":1},"single_query_argument":{"nesting_mode":"list","block":{"attributes":{"name":{"type":"string","description_kind":"plain","required":true}},"description_kind":"plain"},"max_items":1},"uri_path":{"nesting_mode":"list","block":{"description_kind":"plain"},"max_items":1}},"description_kind":"plain"},"max_items":1},"text_transformation":{"nesting_mode":"set","block":{"attributes":{"priority":{"type":"number","description_kind":"plain","required":true},"type":{"type":"string","description_kind":"plain","required":true}},"description_kind":"plain"},"min_items":1}},"description_kind":"plain"},"max_items":1}},"description_kind":"plain"},"min_items":1}},"description_kind":"plain"},"max_items":1},"byte_match_statement":{"nesting_mode":"list","block":{"attributes":{"positional_constraint":{"type":"string","description_kind":"plain","required":true},"search_string":{"type":"string","description_kind":"plain","required":true}},"block_types":{"field_to_match":{"nesting_mode":"list","block":{"block_types":{"all_query_arguments":{"nesting_mode":"list","block":{"description_kind":"plain"},"max_items":1},"body":{"nesting_mode":"list","block":{"description_kind":"plain"},"max_items":1},"method":{"nesting_mode":"list","block":{"description_kind":"plain"},"max_items":1},"query_string":{"nesting_mode":"list","block":{"description_kind":"plain"},"max_items":1},"single_header":{"nesting_mode":"list","block":{"attributes":{"name":{"type":"string","description_kind":"plain","required":true}},"description_kind":"plain"},"max_items":1},"single_query_argument":{"nesting_mode":"list","block":{"attributes":{"name":{"type":"string","description_kind":"plain","required":true}},"description_kind":"plain"},"max_items":1},"uri_path":{"nesting_mode":"list","block":{"description_kind":"plain"},"max_items":1}},"description_kind":"plain"},"max_items":1},"text_transformation":{"nesting_mode":"set","block":{"attributes":{"priority":{"type":"number","description_kind":"plain","required":true},"type":{"type":"string","description_kind":"plain","required":true}},"description_kind":"plain"},"min_items":1}},"description_kind":"plain"},"max_items":1},"geo_match_statement":{"nesting_mode":"list","block":{"attributes":{"country_codes":{"type":["list","string"],"description_kind":"plain","required":true}},"block_types":{"forwarded_ip_config":{"nesting_mode":"list","block":{"attributes":{"fallback_behavior":{"type":"string","description_kind":"plain","required":true},"header_name":{"type":"string","description_kind":"plain","required":true}},"description_kind":"plain"},"max_items":1}},"description_kind":"plain"},"max_items":1},"ip_set_reference_statement":{"nesting_mode":"list","block":{"attributes":{"arn":{"type":"string","description_kind":"plain","required":true}},"block_types":{"ip_set_forwarded_ip_config":{"nesting_mode":"list","block":{"attributes":{"fallback_behavior":{"type":"string","description_kind":"plain","required":true},"header_name":{"type":"string","description_kind":"plain","required":true},"position":{"type":"string","description_kind":"plain","required":true}},"description_kind":"plain"},"max_items":1}},"description_kind":"plain"},"max_items":1},"not_statement":{"nesting_mode":"list","block":{"block_types":{"statement":{"nesting_mode":"list","block":{"block_types":{"and_statement":{"nesting_mode":"list","block":{"block_types":{"statement":{"nesting_mode":"list","block":{"block_types":{"byte_match_statement":{"nesting_mode":"list","block":{"attributes":{"positional_constraint":{"type":"string","description_kind":"plain","required":true},"search_string":{"type":"string","description_kind":"plain","required":true}},"block_types":{"field_to_match":{"nesting_mode":"list","block":{"block_types":{"all_query_arguments":{"nesting_mode":"list","block":{"description_kind":"plain"},"max_items":1},"body":{"nesting_mode":"list","block":{"description_kind":"plain"},"max_items":1},"method":{"nesting_mode":"list","block":{"description_kind":"plain"},"max_items":1},"query_string":{"nesting_mode":"list","block":{"description_kind":"plain"},"max_items":1},"single_header":{"nesting_mode":"list","block":{"attributes":{"name":{"type":"string","description_kind":"plain","required":true}},"description_kind":"plain"},"max_items":1},"single_query_argument":{"nesting_mode":"list","block":{"attributes":{"name":{"type":"string","description_kind":"plain","required":true}},"description_kind":"plain"},"max_items":1},"uri_path":{"nesting_mode":"list","block":{"description_kind":"plain"},"max_items":1}},"description_kind":"plain"},"max_items":1},"text_transformation":{"nesting_mode":"set","block":{"attributes":{"priority":{"type":"number","description_kind":"plain","required":true},"type":{"type":"string","description_kind":"plain","required":true}},"description_kind":"plain"},"min_items":1}},"description_kind":"plain"},"max_items":1},"geo_match_statement":{"nesting_mode":"list","block":{"attributes":{"country_codes":{"type":["list","string"],"description_kind":"plain","required":true}},"block_types":{"forwarded_ip_config":{"nesting_mode":"list","block":{"attributes":{"fallback_behavior":{"type":"string","description_kind":"plain","required":true},"header_name":{"type":"string","description_kind":"plain","required":true}},"description_kind":"plain"},"max_items":1}},"description_kind":"plain"},"max_items":1},"ip_set_reference_statement":{"nesting_mode":"list","block":{"attributes":{"arn":{"type":"string","description_kind":"plain","required":true}},"block_types":{"ip_set_forwarded_ip_config":{"nesting_mode":"list","block":{"attributes":{"fallback_behavior":{"type":"string","description_kind":"plain","required":true},"header_name":{"type":"string","description_kind":"plain","required":true},"position":{"type":"string","description_kind":"plain","required":true}},"description_kind":"plain"},"max_items":1}},"description_kind":"plain"},"max_items":1},"regex_pattern_set_reference_statement":{"nesting_mode":"list","block":{"attributes":{"arn":{"type":"string","description_kind":"plain","required":true}},"block_types":{"field_to_match":{"nesting_mode":"list","block":{"block_types":{"all_query_arguments":{"nesting_mode":"list","block":{"description_kind":"plain"},"max_items":1},"body":{"nesting_mode":"list","block":{"description_kind":"plain"},"max_items":1},"method":{"nesting_mode":"list","block":{"description_kind":"plain"},"max_items":1},"query_string":{"nesting_mode":"list","block":{"description_kind":"plain"},"max_items":1},"single_header":{"nesting_mode":"list","block":{"attributes":{"name":{"type":"string","description_kind":"plain","required":true}},"description_kind":"plain"},"max_items":1},"single_query_argument":{"nesting_mode":"list","block":{"attributes":{"name":{"type":"string","description_kind":"plain","required":true}},"description_kind":"plain"},"max_items":1},"uri_path":{"nesting_mode":"list","block":{"description_kind":"plain"},"max_items":1}},"description_kind":"plain"},"max_items":1},"text_transformation":{"nesting_mode":"set","block":{"attributes":{"priority":{"type":"number","description_kind":"plain","required":true},"type":{"type":"string","description_kind":"plain","required":true}},"description_kind":"plain"},"min_items":1}},"description_kind":"plain"},"max_items":1},"size_constraint_statement":{"nesting_mode":"list","block":{"attributes":{"comparison_operator":{"type":"string","description_kind":"plain","required":true},"size":{"type":"number","description_kind":"plain","required":true}},"block_types":{"field_to_match":{"nesting_mode":"list","block":{"block_types":{"all_query_arguments":{"nesting_mode":"list","block":{"description_kind":"plain"},"max_items":1},"body":{"nesting_mode":"list","block":{"description_kind":"plain"},"max_items":1},"method":{"nesting_mode":"list","block":{"description_kind":"plain"},"max_items":1},"query_string":{"nesting_mode":"list","block":{"description_kind":"plain"},"max_items":1},"single_header":{"nesting_mode":"list","block":{"attributes":{"name":{"type":"string","description_kind":"plain","required":true}},"description_kind":"plain"},"max_items":1},"single_query_argument":{"nesting_mode":"list","block":{"attributes":{"name":{"type":"string","description_kind":"plain","required":true}},"description_kind":"plain"},"max_items":1},"uri_path":{"nesting_mode":"list","block":{"description_kind":"plain"},"max_items":1}},"description_kind":"plain"},"max_items":1},"text_transformation":{"nesting_mode":"set","block":{"attributes":{"priority":{"type":"number","description_kind":"plain","required":true},"type":{"type":"string","description_kind":"plain","required":true}},"description_kind":"plain"},"min_items":1}},"description_kind":"plain"},"max_items":1},"sqli_match_statement":{"nesting_mode":"list","block":{"block_types":{"field_to_match":{"nesting_mode":"list","block":{"block_types":{"all_query_arguments":{"nesting_mode":"list","block":{"description_kind":"plain"},"max_items":1},"body":{"nesting_mode":"list","block":{"description_kind":"plain"},"max_items":1},"method":{"nesting_mode":"list","block":{"description_kind":"plain"},"max_items":1},"query_string":{"nesting_mode":"list","block":{"description_kind":"plain"},"max_items":1},"single_header":{"nesting_mode":"list","block":{"attributes":{"name":{"type":"string","description_kind":"plain","required":true}},"description_kind":"plain"},"max_items":1},"single_query_argument":{"nesting_mode":"list","block":{"attributes":{"name":{"type":"string","description_kind":"plain","required":true}},"description_kind":"plain"},"max_items":1},"uri_path":{"nesting_mode":"list","block":{"description_kind":"plain"},"max_items":1}},"description_kind":"plain"},"max_items":1},"text_transformation":{"nesting_mode":"set","block":{"attributes":{"priority":{"type":"number","description_kind":"plain","required":true},"type":{"type":"string","description_kind":"plain","required":true}},"description_kind":"plain"},"min_items":1}},"description_kind":"plain"},"max_items":1},"xss_match_statement":{"nesting_mode":"list","block":{"block_types":{"field_to_match":{"nesting_mode":"list","block":{"block_types":{"all_query_arguments":{"nesting_mode":"list","block":{"description_kind":"plain"},"max_items":1},"body":{"nesting_mode":"list","block":{"description_kind":"plain"},"max_items":1},"method":{"nesting_mode":"list","block":{"description_kind":"plain"},"max_items":1},"query_string":{"nesting_mode":"list","block":{"description_kind":"plain"},"max_items":1},"single_header":{"nesting_mode":"list","block":{"attributes":{"name":{"type":"string","description_kind":"plain","required":true}},"description_kind":"plain"},"max_items":1},"single_query_argument":{"nesting_mode":"list","block":{"attributes":{"name":{"type":"string","description_kind":"plain","required":true}},"description_kind":"plain"},"max_items":1},"uri_path":{"nesting_mode":"list","block":{"description_kind":"plain"},"max_items":1}},"description_kind":"plain"},"max_items":1},"text_transformation":{"nesting_mode":"set","block":{"attributes":{"priority":{"type":"number","description_kind":"plain","required":true},"type":{"type":"string","description_kind":"plain","required":true}},"description_kind":"plain"},"min_items":1}},"description_kind":"plain"},"max_items":1}},"description_kind":"plain"},"min_items":1}},"description_kind":"plain"},"max_items":1},"byte_match_statement":{"nesting_mode":"list","block":{"attributes":{"positional_constraint":{"type":"string","description_kind":"plain","required":true},"search_string":{"type":"string","description_kind":"plain","required":true}},"block_types":{"field_to_match":{"nesting_mode":"list","block":{"block_types":{"all_query_arguments":{"nesting_mode":"list","block":{"description_kind":"plain"},"max_items":1},"body":{"nesting_mode":"list","block":{"description_kind":"plain"},"max_items":1},"method":{"nesting_mode":"list","block":{"description_kind":"plain"},"max_items":1},"query_string":{"nesting_mode":"list","block":{"description_kind":"plain"},"max_items":1},"single_header":{"nesting_mode":"list","block":{"attributes":{"name":{"type":"string","description_kind":"plain","required":true}},"description_kind":"plain"},"max_items":1},"single_query_argument":{"nesting_mode":"list","block":{"attributes":{"name":{"type":"string","description_kind":"plain","required":true}},"description_kind":"plain"},"max_items":1},"uri_path":{"nesting_mode":"list","block":{"description_kind":"plain"},"max_items":1}},"description_kind":"plain"},"max_items":1},"text_transformation":{"nesting_mode":"set","block":{"attributes":{"priority":{"type":"number","description_kind":"plain","required":true},"type":{"type":"string","description_kind":"plain","required":true}},"description_kind":"plain"},"min_items":1}},"description_kind":"plain"},"max_items":1},"geo_match_statement":{"nesting_mode":"list","block":{"attributes":{"country_codes":{"type":["list","string"],"description_kind":"plain","required":true}},"block_types":{"forwarded_ip_config":{"nesting_mode":"list","block":{"attributes":{"fallback_behavior":{"type":"string","description_kind":"plain","required":true},"header_name":{"type":"string","description_kind":"plain","required":true}},"description_kind":"plain"},"max_items":1}},"description_kind":"plain"},"max_items":1},"ip_set_reference_statement":{"nesting_mode":"list","block":{"attributes":{"arn":{"type":"string","description_kind":"plain","required":true}},"block_types":{"ip_set_forwarded_ip_config":{"nesting_mode":"list","block":{"attributes":{"fallback_behavior":{"type":"string","description_kind":"plain","required":true},"header_name":{"type":"string","description_kind":"plain","required":true},"position":{"type":"string","description_kind":"plain","required":true}},"description_kind":"plain"},"max_items":1}},"description_kind":"plain"},"max_items":1},"not_statement":{"nesting_mode":"list","block":{"block_types":{"statement":{"nesting_mode":"list","block":{"block_types":{"byte_match_statement":{"nesting_mode":"list","block":{"attributes":{"positional_constraint":{"type":"string","description_kind":"plain","required":true},"search_string":{"type":"string","description_kind":"plain","required":true}},"block_types":{"field_to_match":{"nesting_mode":"list","block":{"block_types":{"all_query_arguments":{"nesting_mode":"list","block":{"description_kind":"plain"},"max_items":1},"body":{"nesting_mode":"list","block":{"description_kind":"plain"},"max_items":1},"method":{"nesting_mode":"list","block":{"description_kind":"plain"},"max_items":1},"query_string":{"nesting_mode":"list","block":{"description_kind":"plain"},"max_items":1},"single_header":{"nesting_mode":"list","block":{"attributes":{"name":{"type":"string","description_kind":"plain","required":true}},"description_kind":"plain"},"max_items":1},"single_query_argument":{"nesting_mode":"list","block":{"attributes":{"name":{"type":"string","description_kind":"plain","required":true}},"description_kind":"plain"},"max_items":1},"uri_path":{"nesting_mode":"list","block":{"description_kind":"plain"},"max_items":1}},"description_kind":"plain"},"max_items":1},"text_transformation":{"nesting_mode":"set","block":{"attributes":{"priority":{"type":"number","description_kind":"plain","required":true},"type":{"type":"string","description_kind":"plain","required":true}},"description_kind":"plain"},"min_items":1}},"description_kind":"plain"},"max_items":1},"geo_match_statement":{"nesting_mode":"list","block":{"attributes":{"country_codes":{"type":["list","string"],"description_kind":"plain","required":true}},"block_types":{"forwarded_ip_config":{"nesting_mode":"list","block":{"attributes":{"fallback_behavior":{"type":"string","description_kind":"plain","required":true},"header_name":{"type":"string","description_kind":"plain","required":true}},"description_kind":"plain"},"max_items":1}},"description_kind":"plain"},"max_items":1},"ip_set_reference_statement":{"nesting_mode":"list","block":{"attributes":{"arn":{"type":"string","description_kind":"plain","required":true}},"block_types":{"ip_set_forwarded_ip_config":{"nesting_mode":"list","block":{"attributes":{"fallback_behavior":{"type":"string","description_kind":"plain","required":true},"header_name":{"type":"string","description_kind":"plain","required":true},"position":{"type":"string","description_kind":"plain","required":true}},"description_kind":"plain"},"max_items":1}},"description_kind":"plain"},"max_items":1},"regex_pattern_set_reference_statement":{"nesting_mode":"list","block":{"attributes":{"arn":{"type":"string","description_kind":"plain","required":true}},"block_types":{"field_to_match":{"nesting_mode":"list","block":{"block_types":{"all_query_arguments":{"nesting_mode":"list","block":{"description_kind":"plain"},"max_items":1},"body":{"nesting_mode":"list","block":{"description_kind":"plain"},"max_items":1},"method":{"nesting_mode":"list","block":{"description_kind":"plain"},"max_items":1},"query_string":{"nesting_mode":"list","block":{"description_kind":"plain"},"max_items":1},"single_header":{"nesting_mode":"list","block":{"attributes":{"name":{"type":"string","description_kind":"plain","required":true}},"description_kind":"plain"},"max_items":1},"single_query_argument":{"nesting_mode":"list","block":{"attributes":{"name":{"type":"string","description_kind":"plain","required":true}},"description_kind":"plain"},"max_items":1},"uri_path":{"nesting_mode":"list","block":{"description_kind":"plain"},"max_items":1}},"description_kind":"plain"},"max_items":1},"text_transformation":{"nesting_mode":"set","block":{"attributes":{"priority":{"type":"number","description_kind":"plain","required":true},"type":{"type":"string","description_kind":"plain","required":true}},"description_kind":"plain"},"min_items":1}},"description_kind":"plain"},"max_items":1},"size_constraint_statement":{"nesting_mode":"list","block":{"attributes":{"comparison_operator":{"type":"string","description_kind":"plain","required":true},"size":{"type":"number","description_kind":"plain","required":true}},"block_types":{"field_to_match":{"nesting_mode":"list","block":{"block_types":{"all_query_arguments":{"nesting_mode":"list","block":{"description_kind":"plain"},"max_items":1},"body":{"nesting_mode":"list","block":{"description_kind":"plain"},"max_items":1},"method":{"nesting_mode":"list","block":{"description_kind":"plain"},"max_items":1},"query_string":{"nesting_mode":"list","block":{"description_kind":"plain"},"max_items":1},"single_header":{"nesting_mode":"list","block":{"attributes":{"name":{"type":"string","description_kind":"plain","required":true}},"description_kind":"plain"},"max_items":1},"single_query_argument":{"nesting_mode":"list","block":{"attributes":{"name":{"type":"string","description_kind":"plain","required":true}},"description_kind":"plain"},"max_items":1},"uri_path":{"nesting_mode":"list","block":{"description_kind":"plain"},"max_items":1}},"description_kind":"plain"},"max_items":1},"text_transformation":{"nesting_mode":"set","block":{"attributes":{"priority":{"type":"number","description_kind":"plain","required":true},"type":{"type":"string","description_kind":"plain","required":true}},"description_kind":"plain"},"min_items":1}},"description_kind":"plain"},"max_items":1},"sqli_match_statement":{"nesting_mode":"list","block":{"block_types":{"field_to_match":{"nesting_mode":"list","block":{"block_types":{"all_query_arguments":{"nesting_mode":"list","block":{"description_kind":"plain"},"max_items":1},"body":{"nesting_mode":"list","block":{"description_kind":"plain"},"max_items":1},"method":{"nesting_mode":"list","block":{"description_kind":"plain"},"max_items":1},"query_string":{"nesting_mode":"list","block":{"description_kind":"plain"},"max_items":1},"single_header":{"nesting_mode":"list","block":{"attributes":{"name":{"type":"string","description_kind":"plain","required":true}},"description_kind":"plain"},"max_items":1},"single_query_argument":{"nesting_mode":"list","block":{"attributes":{"name":{"type":"string","description_kind":"plain","required":true}},"description_kind":"plain"},"max_items":1},"uri_path":{"nesting_mode":"list","block":{"description_kind":"plain"},"max_items":1}},"description_kind":"plain"},"max_items":1},"text_transformation":{"nesting_mode":"set","block":{"attributes":{"priority":{"type":"number","description_kind":"plain","required":true},"type":{"type":"string","description_kind":"plain","required":true}},"description_kind":"plain"},"min_items":1}},"description_kind":"plain"},"max_items":1},"xss_match_statement":{"nesting_mode":"list","block":{"block_types":{"field_to_match":{"nesting_mode":"list","block":{"block_types":{"all_query_arguments":{"nesting_mode":"list","block":{"description_kind":"plain"},"max_items":1},"body":{"nesting_mode":"list","block":{"description_kind":"plain"},"max_items":1},"method":{"nesting_mode":"list","block":{"description_kind":"plain"},"max_items":1},"query_string":{"nesting_mode":"list","block":{"description_kind":"plain"},"max_items":1},"single_header":{"nesting_mode":"list","block":{"attributes":{"name":{"type":"string","description_kind":"plain","required":true}},"description_kind":"plain"},"max_items":1},"single_query_argument":{"nesting_mode":"list","block":{"attributes":{"name":{"type":"string","description_kind":"plain","required":true}},"description_kind":"plain"},"max_items":1},"uri_path":{"nesting_mode":"list","block":{"description_kind":"plain"},"max_items":1}},"description_kind":"plain"},"max_items":1},"text_transformation":{"nesting_mode":"set","block":{"attributes":{"priority":{"type":"number","description_kind":"plain","required":true},"type":{"type":"string","description_kind":"plain","required":true}},"description_kind":"plain"},"min_items":1}},"description_kind":"plain"},"max_items":1}},"description_kind":"plain"},"min_items":1}},"description_kind":"plain"},"max_items":1},"or_statement":{"nesting_mode":"list","block":{"block_types":{"statement":{"nesting_mode":"list","block":{"block_types":{"byte_match_statement":{"nesting_mode":"list","block":{"attributes":{"positional_constraint":{"type":"string","description_kind":"plain","required":true},"search_string":{"type":"string","description_kind":"plain","required":true}},"block_types":{"field_to_match":{"nesting_mode":"list","block":{"block_types":{"all_query_arguments":{"nesting_mode":"list","block":{"description_kind":"plain"},"max_items":1},"body":{"nesting_mode":"list","block":{"description_kind":"plain"},"max_items":1},"method":{"nesting_mode":"list","block":{"description_kind":"plain"},"max_items":1},"query_string":{"nesting_mode":"list","block":{"description_kind":"plain"},"max_items":1},"single_header":{"nesting_mode":"list","block":{"attributes":{"name":{"type":"string","description_kind":"plain","required":true}},"description_kind":"plain"},"max_items":1},"single_query_argument":{"nesting_mode":"list","block":{"attributes":{"name":{"type":"string","description_kind":"plain","required":true}},"description_kind":"plain"},"max_items":1},"uri_path":{"nesting_mode":"list","block":{"description_kind":"plain"},"max_items":1}},"description_kind":"plain"},"max_items":1},"text_transformation":{"nesting_mode":"set","block":{"attributes":{"priority":{"type":"number","description_kind":"plain","required":true},"type":{"type":"string","description_kind":"plain","required":true}},"description_kind":"plain"},"min_items":1}},"description_kind":"plain"},"max_items":1},"geo_match_statement":{"nesting_mode":"list","block":{"attributes":{"country_codes":{"type":["list","string"],"description_kind":"plain","required":true}},"block_types":{"forwarded_ip_config":{"nesting_mode":"list","block":{"attributes":{"fallback_behavior":{"type":"string","description_kind":"plain","required":true},"header_name":{"type":"string","description_kind":"plain","required":true}},"description_kind":"plain"},"max_items":1}},"description_kind":"plain"},"max_items":1},"ip_set_reference_statement":{"nesting_mode":"list","block":{"attributes":{"arn":{"type":"string","description_kind":"plain","required":true}},"block_types":{"ip_set_forwarded_ip_config":{"nesting_mode":"list","block":{"attributes":{"fallback_behavior":{"type":"string","description_kind":"plain","required":true},"header_name":{"type":"string","description_kind":"plain","required":true},"position":{"type":"string","description_kind":"plain","required":true}},"description_kind":"plain"},"max_items":1}},"description_kind":"plain"},"max_items":1},"regex_pattern_set_reference_statement":{"nesting_mode":"list","block":{"attributes":{"arn":{"type":"string","description_kind":"plain","required":true}},"block_types":{"field_to_match":{"nesting_mode":"list","block":{"block_types":{"all_query_arguments":{"nesting_mode":"list","block":{"description_kind":"plain"},"max_items":1},"body":{"nesting_mode":"list","block":{"description_kind":"plain"},"max_items":1},"method":{"nesting_mode":"list","block":{"description_kind":"plain"},"max_items":1},"query_string":{"nesting_mode":"list","block":{"description_kind":"plain"},"max_items":1},"single_header":{"nesting_mode":"list","block":{"attributes":{"name":{"type":"string","description_kind":"plain","required":true}},"description_kind":"plain"},"max_items":1},"single_query_argument":{"nesting_mode":"list","block":{"attributes":{"name":{"type":"string","description_kind":"plain","required":true}},"description_kind":"plain"},"max_items":1},"uri_path":{"nesting_mode":"list","block":{"description_kind":"plain"},"max_items":1}},"description_kind":"plain"},"max_items":1},"text_transformation":{"nesting_mode":"set","block":{"attributes":{"priority":{"type":"number","description_kind":"plain","required":true},"type":{"type":"string","description_kind":"plain","required":true}},"description_kind":"plain"},"min_items":1}},"description_kind":"plain"},"max_items":1},"size_constraint_statement":{"nesting_mode":"list","block":{"attributes":{"comparison_operator":{"type":"string","description_kind":"plain","required":true},"size":{"type":"number","description_kind":"plain","required":true}},"block_types":{"field_to_match":{"nesting_mode":"list","block":{"block_types":{"all_query_arguments":{"nesting_mode":"list","block":{"description_kind":"plain"},"max_items":1},"body":{"nesting_mode":"list","block":{"description_kind":"plain"},"max_items":1},"method":{"nesting_mode":"list","block":{"description_kind":"plain"},"max_items":1},"query_string":{"nesting_mode":"list","block":{"description_kind":"plain"},"max_items":1},"single_header":{"nesting_mode":"list","block":{"attributes":{"name":{"type":"string","description_kind":"plain","required":true}},"description_kind":"plain"},"max_items":1},"single_query_argument":{"nesting_mode":"list","block":{"attributes":{"name":{"type":"string","description_kind":"plain","required":true}},"description_kind":"plain"},"max_items":1},"uri_path":{"nesting_mode":"list","block":{"description_kind":"plain"},"max_items":1}},"description_kind":"plain"},"max_items":1},"text_transformation":{"nesting_mode":"set","block":{"attributes":{"priority":{"type":"number","description_kind":"plain","required":true},"type":{"type":"string","description_kind":"plain","required":true}},"description_kind":"plain"},"min_items":1}},"description_kind":"plain"},"max_items":1},"sqli_match_statement":{"nesting_mode":"list","block":{"block_types":{"field_to_match":{"nesting_mode":"list","block":{"block_types":{"all_query_arguments":{"nesting_mode":"list","block":{"description_kind":"plain"},"max_items":1},"body":{"nesting_mode":"list","block":{"description_kind":"plain"},"max_items":1},"method":{"nesting_mode":"list","block":{"description_kind":"plain"},"max_items":1},"query_string":{"nesting_mode":"list","block":{"description_kind":"plain"},"max_items":1},"single_header":{"nesting_mode":"list","block":{"attributes":{"name":{"type":"string","description_kind":"plain","required":true}},"description_kind":"plain"},"max_items":1},"single_query_argument":{"nesting_mode":"list","block":{"attributes":{"name":{"type":"string","description_kind":"plain","required":true}},"description_kind":"plain"},"max_items":1},"uri_path":{"nesting_mode":"list","block":{"description_kind":"plain"},"max_items":1}},"description_kind":"plain"},"max_items":1},"text_transformation":{"nesting_mode":"set","block":{"attributes":{"priority":{"type":"number","description_kind":"plain","required":true},"type":{"type":"string","description_kind":"plain","required":true}},"description_kind":"plain"},"min_items":1}},"description_kind":"plain"},"max_items":1},"xss_match_statement":{"nesting_mode":"list","block":{"block_types":{"field_to_match":{"nesting_mode":"list","block":{"block_types":{"all_query_arguments":{"nesting_mode":"list","block":{"description_kind":"plain"},"max_items":1},"body":{"nesting_mode":"list","block":{"description_kind":"plain"},"max_items":1},"method":{"nesting_mode":"list","block":{"description_kind":"plain"},"max_items":1},"query_string":{"nesting_mode":"list","block":{"description_kind":"plain"},"max_items":1},"single_header":{"nesting_mode":"list","block":{"attributes":{"name":{"type":"string","description_kind":"plain","required":true}},"description_kind":"plain"},"max_items":1},"single_query_argument":{"nesting_mode":"list","block":{"attributes":{"name":{"type":"string","description_kind":"plain","required":true}},"description_kind":"plain"},"max_items":1},"uri_path":{"nesting_mode":"list","block":{"description_kind":"plain"},"max_items":1}},"description_kind":"plain"},"max_items":1},"text_transformation":{"nesting_mode":"set","block":{"attributes":{"priority":{"type":"number","description_kind":"plain","required":true},"type":{"type":"string","description_kind":"plain","required":true}},"description_kind":"plain"},"min_items":1}},"description_kind":"plain"},"max_items":1}},"description_kind":"plain"},"min_items":1}},"description_kind":"plain"},"max_items":1},"regex_pattern_set_reference_statement":{"nesting_mode":"list","block":{"attributes":{"arn":{"type":"string","description_kind":"plain","required":true}},"block_types":{"field_to_match":{"nesting_mode":"list","block":{"block_types":{"all_query_arguments":{"nesting_mode":"list","block":{"description_kind":"plain"},"max_items":1},"body":{"nesting_mode":"list","block":{"description_kind":"plain"},"max_items":1},"method":{"nesting_mode":"list","block":{"description_kind":"plain"},"max_items":1},"query_string":{"nesting_mode":"list","block":{"description_kind":"plain"},"max_items":1},"single_header":{"nesting_mode":"list","block":{"attributes":{"name":{"type":"string","description_kind":"plain","required":true}},"description_kind":"plain"},"max_items":1},"single_query_argument":{"nesting_mode":"list","block":{"attributes":{"name":{"type":"string","description_kind":"plain","required":true}},"description_kind":"plain"},"max_items":1},"uri_path":{"nesting_mode":"list","block":{"description_kind":"plain"},"max_items":1}},"description_kind":"plain"},"max_items":1},"text_transformation":{"nesting_mode":"set","block":{"attributes":{"priority":{"type":"number","description_kind":"plain","required":true},"type":{"type":"string","description_kind":"plain","required":true}},"description_kind":"plain"},"min_items":1}},"description_kind":"plain"},"max_items":1},"size_constraint_statement":{"nesting_mode":"list","block":{"attributes":{"comparison_operator":{"type":"string","description_kind":"plain","required":true},"size":{"type":"number","description_kind":"plain","required":true}},"block_types":{"field_to_match":{"nesting_mode":"list","block":{"block_types":{"all_query_arguments":{"nesting_mode":"list","block":{"description_kind":"plain"},"max_items":1},"body":{"nesting_mode":"list","block":{"description_kind":"plain"},"max_items":1},"method":{"nesting_mode":"list","block":{"description_kind":"plain"},"max_items":1},"query_string":{"nesting_mode":"list","block":{"description_kind":"plain"},"max_items":1},"single_header":{"nesting_mode":"list","block":{"attributes":{"name":{"type":"string","description_kind":"plain","required":true}},"description_kind":"plain"},"max_items":1},"single_query_argument":{"nesting_mode":"list","block":{"attributes":{"name":{"type":"string","description_kind":"plain","required":true}},"description_kind":"plain"},"max_items":1},"uri_path":{"nesting_mode":"list","block":{"description_kind":"plain"},"max_items":1}},"description_kind":"plain"},"max_items":1},"text_transformation":{"nesting_mode":"set","block":{"attributes":{"priority":{"type":"number","description_kind":"plain","required":true},"type":{"type":"string","description_kind":"plain","required":true}},"description_kind":"plain"},"min_items":1}},"description_kind":"plain"},"max_items":1},"sqli_match_statement":{"nesting_mode":"list","block":{"block_types":{"field_to_match":{"nesting_mode":"list","block":{"block_types":{"all_query_arguments":{"nesting_mode":"list","block":{"description_kind":"plain"},"max_items":1},"body":{"nesting_mode":"list","block":{"description_kind":"plain"},"max_items":1},"method":{"nesting_mode":"list","block":{"description_kind":"plain"},"max_items":1},"query_string":{"nesting_mode":"list","block":{"description_kind":"plain"},"max_items":1},"single_header":{"nesting_mode":"list","block":{"attributes":{"name":{"type":"string","description_kind":"plain","required":true}},"description_kind":"plain"},"max_items":1},"single_query_argument":{"nesting_mode":"list","block":{"attributes":{"name":{"type":"string","description_kind":"plain","required":true}},"description_kind":"plain"},"max_items":1},"uri_path":{"nesting_mode":"list","block":{"description_kind":"plain"},"max_items":1}},"description_kind":"plain"},"max_items":1},"text_transformation":{"nesting_mode":"set","block":{"attributes":{"priority":{"type":"number","description_kind":"plain","required":true},"type":{"type":"string","description_kind":"plain","required":true}},"description_kind":"plain"},"min_items":1}},"description_kind":"plain"},"max_items":1},"xss_match_statement":{"nesting_mode":"list","block":{"block_types":{"field_to_match":{"nesting_mode":"list","block":{"block_types":{"all_query_arguments":{"nesting_mode":"list","block":{"description_kind":"plain"},"max_items":1},"body":{"nesting_mode":"list","block":{"description_kind":"plain"},"max_items":1},"method":{"nesting_mode":"list","block":{"description_kind":"plain"},"max_items":1},"query_string":{"nesting_mode":"list","block":{"description_kind":"plain"},"max_items":1},"single_header":{"nesting_mode":"list","block":{"attributes":{"name":{"type":"string","description_kind":"plain","required":true}},"description_kind":"plain"},"max_items":1},"single_query_argument":{"nesting_mode":"list","block":{"attributes":{"name":{"type":"string","description_kind":"plain","required":true}},"description_kind":"plain"},"max_items":1},"uri_path":{"nesting_mode":"list","block":{"description_kind":"plain"},"max_items":1}},"description_kind":"plain"},"max_items":1},"text_transformation":{"nesting_mode":"set","block":{"attributes":{"priority":{"type":"number","description_kind":"plain","required":true},"type":{"type":"string","description_kind":"plain","required":true}},"description_kind":"plain"},"min_items":1}},"description_kind":"plain"},"max_items":1}},"description_kind":"plain"},"min_items":1}},"description_kind":"plain"},"max_items":1},"or_statement":{"nesting_mode":"list","block":{"block_types":{"statement":{"nesting_mode":"list","block":{"block_types":{"and_statement":{"nesting_mode":"list","block":{"block_types":{"statement":{"nesting_mode":"list","block":{"block_types":{"byte_match_statement":{"nesting_mode":"list","block":{"attributes":{"positional_constraint":{"type":"string","description_kind":"plain","required":true},"search_string":{"type":"string","description_kind":"plain","required":true}},"block_types":{"field_to_match":{"nesting_mode":"list","block":{"block_types":{"all_query_arguments":{"nesting_mode":"list","block":{"description_kind":"plain"},"max_items":1},"body":{"nesting_mode":"list","block":{"description_kind":"plain"},"max_items":1},"method":{"nesting_mode":"list","block":{"description_kind":"plain"},"max_items":1},"query_string":{"nesting_mode":"list","block":{"description_kind":"plain"},"max_items":1},"single_header":{"nesting_mode":"list","block":{"attributes":{"name":{"type":"string","description_kind":"plain","required":true}},"description_kind":"plain"},"max_items":1},"single_query_argument":{"nesting_mode":"list","block":{"attributes":{"name":{"type":"string","description_kind":"plain","required":true}},"description_kind":"plain"},"max_items":1},"uri_path":{"nesting_mode":"list","block":{"description_kind":"plain"},"max_items":1}},"description_kind":"plain"},"max_items":1},"text_transformation":{"nesting_mode":"set","block":{"attributes":{"priority":{"type":"number","description_kind":"plain","required":true},"type":{"type":"string","description_kind":"plain","required":true}},"description_kind":"plain"},"min_items":1}},"description_kind":"plain"},"max_items":1},"geo_match_statement":{"nesting_mode":"list","block":{"attributes":{"country_codes":{"type":["list","string"],"description_kind":"plain","required":true}},"block_types":{"forwarded_ip_config":{"nesting_mode":"list","block":{"attributes":{"fallback_behavior":{"type":"string","description_kind":"plain","required":true},"header_name":{"type":"string","description_kind":"plain","required":true}},"description_kind":"plain"},"max_items":1}},"description_kind":"plain"},"max_items":1},"ip_set_reference_statement":{"nesting_mode":"list","block":{"attributes":{"arn":{"type":"string","description_kind":"plain","required":true}},"block_types":{"ip_set_forwarded_ip_config":{"nesting_mode":"list","block":{"attributes":{"fallback_behavior":{"type":"string","description_kind":"plain","required":true},"header_name":{"type":"string","description_kind":"plain","required":true},"position":{"type":"string","description_kind":"plain","required":true}},"description_kind":"plain"},"max_items":1}},"description_kind":"plain"},"max_items":1},"regex_pattern_set_reference_statement":{"nesting_mode":"list","block":{"attributes":{"arn":{"type":"string","description_kind":"plain","required":true}},"block_types":{"field_to_match":{"nesting_mode":"list","block":{"block_types":{"all_query_arguments":{"nesting_mode":"list","block":{"description_kind":"plain"},"max_items":1},"body":{"nesting_mode":"list","block":{"description_kind":"plain"},"max_items":1},"method":{"nesting_mode":"list","block":{"description_kind":"plain"},"max_items":1},"query_string":{"nesting_mode":"list","block":{"description_kind":"plain"},"max_items":1},"single_header":{"nesting_mode":"list","block":{"attributes":{"name":{"type":"string","description_kind":"plain","required":true}},"description_kind":"plain"},"max_items":1},"single_query_argument":{"nesting_mode":"list","block":{"attributes":{"name":{"type":"string","description_kind":"plain","required":true}},"description_kind":"plain"},"max_items":1},"uri_path":{"nesting_mode":"list","block":{"description_kind":"plain"},"max_items":1}},"description_kind":"plain"},"max_items":1},"text_transformation":{"nesting_mode":"set","block":{"attributes":{"priority":{"type":"number","description_kind":"plain","required":true},"type":{"type":"string","description_kind":"plain","required":true}},"description_kind":"plain"},"min_items":1}},"description_kind":"plain"},"max_items":1},"size_constraint_statement":{"nesting_mode":"list","block":{"attributes":{"comparison_operator":{"type":"string","description_kind":"plain","required":true},"size":{"type":"number","description_kind":"plain","required":true}},"block_types":{"field_to_match":{"nesting_mode":"list","block":{"block_types":{"all_query_arguments":{"nesting_mode":"list","block":{"description_kind":"plain"},"max_items":1},"body":{"nesting_mode":"list","block":{"description_kind":"plain"},"max_items":1},"method":{"nesting_mode":"list","block":{"description_kind":"plain"},"max_items":1},"query_string":{"nesting_mode":"list","block":{"description_kind":"plain"},"max_items":1},"single_header":{"nesting_mode":"list","block":{"attributes":{"name":{"type":"string","description_kind":"plain","required":true}},"description_kind":"plain"},"max_items":1},"single_query_argument":{"nesting_mode":"list","block":{"attributes":{"name":{"type":"string","description_kind":"plain","required":true}},"description_kind":"plain"},"max_items":1},"uri_path":{"nesting_mode":"list","block":{"description_kind":"plain"},"max_items":1}},"description_kind":"plain"},"max_items":1},"text_transformation":{"nesting_mode":"set","block":{"attributes":{"priority":{"type":"number","description_kind":"plain","required":true},"type":{"type":"string","description_kind":"plain","required":true}},"description_kind":"plain"},"min_items":1}},"description_kind":"plain"},"max_items":1},"sqli_match_statement":{"nesting_mode":"list","block":{"block_types":{"field_to_match":{"nesting_mode":"list","block":{"block_types":{"all_query_arguments":{"nesting_mode":"list","block":{"description_kind":"plain"},"max_items":1},"body":{"nesting_mode":"list","block":{"description_kind":"plain"},"max_items":1},"method":{"nesting_mode":"list","block":{"description_kind":"plain"},"max_items":1},"query_string":{"nesting_mode":"list","block":{"description_kind":"plain"},"max_items":1},"single_header":{"nesting_mode":"list","block":{"attributes":{"name":{"type":"string","description_kind":"plain","required":true}},"description_kind":"plain"},"max_items":1},"single_query_argument":{"nesting_mode":"list","block":{"attributes":{"name":{"type":"string","description_kind":"plain","required":true}},"description_kind":"plain"},"max_items":1},"uri_path":{"nesting_mode":"list","block":{"description_kind":"plain"},"max_items":1}},"description_kind":"plain"},"max_items":1},"text_transformation":{"nesting_mode":"set","block":{"attributes":{"priority":{"type":"number","description_kind":"plain","required":true},"type":{"type":"string","description_kind":"plain","required":true}},"description_kind":"plain"},"min_items":1}},"description_kind":"plain"},"max_items":1},"xss_match_statement":{"nesting_mode":"list","block":{"block_types":{"field_to_match":{"nesting_mode":"list","block":{"block_types":{"all_query_arguments":{"nesting_mode":"list","block":{"description_kind":"plain"},"max_items":1},"body":{"nesting_mode":"list","block":{"description_kind":"plain"},"max_items":1},"method":{"nesting_mode":"list","block":{"description_kind":"plain"},"max_items":1},"query_string":{"nesting_mode":"list","block":{"description_kind":"plain"},"max_items":1},"single_header":{"nesting_mode":"list","block":{"attributes":{"name":{"type":"string","description_kind":"plain","required":true}},"description_kind":"plain"},"max_items":1},"single_query_argument":{"nesting_mode":"list","block":{"attributes":{"name":{"type":"string","description_kind":"plain","required":true}},"description_kind":"plain"},"max_items":1},"uri_path":{"nesting_mode":"list","block":{"description_kind":"plain"},"max_items":1}},"description_kind":"plain"},"max_items":1},"text_transformation":{"nesting_mode":"set","block":{"attributes":{"priority":{"type":"number","description_kind":"plain","required":true},"type":{"type":"string","description_kind":"plain","required":true}},"description_kind":"plain"},"min_items":1}},"description_kind":"plain"},"max_items":1}},"description_kind":"plain"},"min_items":1}},"description_kind":"plain"},"max_items":1},"byte_match_statement":{"nesting_mode":"list","block":{"attributes":{"positional_constraint":{"type":"string","description_kind":"plain","required":true},"search_string":{"type":"string","description_kind":"plain","required":true}},"block_types":{"field_to_match":{"nesting_mode":"list","block":{"block_types":{"all_query_arguments":{"nesting_mode":"list","block":{"description_kind":"plain"},"max_items":1},"body":{"nesting_mode":"list","block":{"description_kind":"plain"},"max_items":1},"method":{"nesting_mode":"list","block":{"description_kind":"plain"},"max_items":1},"query_string":{"nesting_mode":"list","block":{"description_kind":"plain"},"max_items":1},"single_header":{"nesting_mode":"list","block":{"attributes":{"name":{"type":"string","description_kind":"plain","required":true}},"description_kind":"plain"},"max_items":1},"single_query_argument":{"nesting_mode":"list","block":{"attributes":{"name":{"type":"string","description_kind":"plain","required":true}},"description_kind":"plain"},"max_items":1},"uri_path":{"nesting_mode":"list","block":{"description_kind":"plain"},"max_items":1}},"description_kind":"plain"},"max_items":1},"text_transformation":{"nesting_mode":"set","block":{"attributes":{"priority":{"type":"number","description_kind":"plain","required":true},"type":{"type":"string","description_kind":"plain","required":true}},"description_kind":"plain"},"min_items":1}},"description_kind":"plain"},"max_items":1},"geo_match_statement":{"nesting_mode":"list","block":{"attributes":{"country_codes":{"type":["list","string"],"description_kind":"plain","required":true}},"block_types":{"forwarded_ip_config":{"nesting_mode":"list","block":{"attributes":{"fallback_behavior":{"type":"string","description_kind":"plain","required":true},"header_name":{"type":"string","description_kind":"plain","required":true}},"description_kind":"plain"},"max_items":1}},"description_kind":"plain"},"max_items":1},"ip_set_reference_statement":{"nesting_mode":"list","block":{"attributes":{"arn":{"type":"string","description_kind":"plain","required":true}},"block_types":{"ip_set_forwarded_ip_config":{"nesting_mode":"list","block":{"attributes":{"fallback_behavior":{"type":"string","description_kind":"plain","required":true},"header_name":{"type":"string","description_kind":"plain","required":true},"position":{"type":"string","description_kind":"plain","required":true}},"description_kind":"plain"},"max_items":1}},"description_kind":"plain"},"max_items":1},"not_statement":{"nesting_mode":"list","block":{"block_types":{"statement":{"nesting_mode":"list","block":{"block_types":{"byte_match_statement":{"nesting_mode":"list","block":{"attributes":{"positional_constraint":{"type":"string","description_kind":"plain","required":true},"search_string":{"type":"string","description_kind":"plain","required":true}},"block_types":{"field_to_match":{"nesting_mode":"list","block":{"block_types":{"all_query_arguments":{"nesting_mode":"list","block":{"description_kind":"plain"},"max_items":1},"body":{"nesting_mode":"list","block":{"description_kind":"plain"},"max_items":1},"method":{"nesting_mode":"list","block":{"description_kind":"plain"},"max_items":1},"query_string":{"nesting_mode":"list","block":{"description_kind":"plain"},"max_items":1},"single_header":{"nesting_mode":"list","block":{"attributes":{"name":{"type":"string","description_kind":"plain","required":true}},"description_kind":"plain"},"max_items":1},"single_query_argument":{"nesting_mode":"list","block":{"attributes":{"name":{"type":"string","description_kind":"plain","required":true}},"description_kind":"plain"},"max_items":1},"uri_path":{"nesting_mode":"list","block":{"description_kind":"plain"},"max_items":1}},"description_kind":"plain"},"max_items":1},"text_transformation":{"nesting_mode":"set","block":{"attributes":{"priority":{"type":"number","description_kind":"plain","required":true},"type":{"type":"string","description_kind":"plain","required":true}},"description_kind":"plain"},"min_items":1}},"description_kind":"plain"},"max_items":1},"geo_match_statement":{"nesting_mode":"list","block":{"attributes":{"country_codes":{"type":["list","string"],"description_kind":"plain","required":true}},"block_types":{"forwarded_ip_config":{"nesting_mode":"list","block":{"attributes":{"fallback_behavior":{"type":"string","description_kind":"plain","required":true},"header_name":{"type":"string","description_kind":"plain","required":true}},"description_kind":"plain"},"max_items":1}},"description_kind":"plain"},"max_items":1},"ip_set_reference_statement":{"nesting_mode":"list","block":{"attributes":{"arn":{"type":"string","description_kind":"plain","required":true}},"block_types":{"ip_set_forwarded_ip_config":{"nesting_mode":"list","block":{"attributes":{"fallback_behavior":{"type":"string","description_kind":"plain","required":true},"header_name":{"type":"string","description_kind":"plain","required":true},"position":{"type":"string","description_kind":"plain","required":true}},"description_kind":"plain"},"max_items":1}},"description_kind":"plain"},"max_items":1},"regex_pattern_set_reference_statement":{"nesting_mode":"list","block":{"attributes":{"arn":{"type":"string","description_kind":"plain","required":true}},"block_types":{"field_to_match":{"nesting_mode":"list","block":{"block_types":{"all_query_arguments":{"nesting_mode":"list","block":{"description_kind":"plain"},"max_items":1},"body":{"nesting_mode":"list","block":{"description_kind":"plain"},"max_items":1},"method":{"nesting_mode":"list","block":{"description_kind":"plain"},"max_items":1},"query_string":{"nesting_mode":"list","block":{"description_kind":"plain"},"max_items":1},"single_header":{"nesting_mode":"list","block":{"attributes":{"name":{"type":"string","description_kind":"plain","required":true}},"description_kind":"plain"},"max_items":1},"single_query_argument":{"nesting_mode":"list","block":{"attributes":{"name":{"type":"string","description_kind":"plain","required":true}},"description_kind":"plain"},"max_items":1},"uri_path":{"nesting_mode":"list","block":{"description_kind":"plain"},"max_items":1}},"description_kind":"plain"},"max_items":1},"text_transformation":{"nesting_mode":"set","block":{"attributes":{"priority":{"type":"number","description_kind":"plain","required":true},"type":{"type":"string","description_kind":"plain","required":true}},"description_kind":"plain"},"min_items":1}},"description_kind":"plain"},"max_items":1},"size_constraint_statement":{"nesting_mode":"list","block":{"attributes":{"comparison_operator":{"type":"string","description_kind":"plain","required":true},"size":{"type":"number","description_kind":"plain","required":true}},"block_types":{"field_to_match":{"nesting_mode":"list","block":{"block_types":{"all_query_arguments":{"nesting_mode":"list","block":{"description_kind":"plain"},"max_items":1},"body":{"nesting_mode":"list","block":{"description_kind":"plain"},"max_items":1},"method":{"nesting_mode":"list","block":{"description_kind":"plain"},"max_items":1},"query_string":{"nesting_mode":"list","block":{"description_kind":"plain"},"max_items":1},"single_header":{"nesting_mode":"list","block":{"attributes":{"name":{"type":"string","description_kind":"plain","required":true}},"description_kind":"plain"},"max_items":1},"single_query_argument":{"nesting_mode":"list","block":{"attributes":{"name":{"type":"string","description_kind":"plain","required":true}},"description_kind":"plain"},"max_items":1},"uri_path":{"nesting_mode":"list","block":{"description_kind":"plain"},"max_items":1}},"description_kind":"plain"},"max_items":1},"text_transformation":{"nesting_mode":"set","block":{"attributes":{"priority":{"type":"number","description_kind":"plain","required":true},"type":{"type":"string","description_kind":"plain","required":true}},"description_kind":"plain"},"min_items":1}},"description_kind":"plain"},"max_items":1},"sqli_match_statement":{"nesting_mode":"list","block":{"block_types":{"field_to_match":{"nesting_mode":"list","block":{"block_types":{"all_query_arguments":{"nesting_mode":"list","block":{"description_kind":"plain"},"max_items":1},"body":{"nesting_mode":"list","block":{"description_kind":"plain"},"max_items":1},"method":{"nesting_mode":"list","block":{"description_kind":"plain"},"max_items":1},"query_string":{"nesting_mode":"list","block":{"description_kind":"plain"},"max_items":1},"single_header":{"nesting_mode":"list","block":{"attributes":{"name":{"type":"string","description_kind":"plain","required":true}},"description_kind":"plain"},"max_items":1},"single_query_argument":{"nesting_mode":"list","block":{"attributes":{"name":{"type":"string","description_kind":"plain","required":true}},"description_kind":"plain"},"max_items":1},"uri_path":{"nesting_mode":"list","block":{"description_kind":"plain"},"max_items":1}},"description_kind":"plain"},"max_items":1},"text_transformation":{"nesting_mode":"set","block":{"attributes":{"priority":{"type":"number","description_kind":"plain","required":true},"type":{"type":"string","description_kind":"plain","required":true}},"description_kind":"plain"},"min_items":1}},"description_kind":"plain"},"max_items":1},"xss_match_statement":{"nesting_mode":"list","block":{"block_types":{"field_to_match":{"nesting_mode":"list","block":{"block_types":{"all_query_arguments":{"nesting_mode":"list","block":{"description_kind":"plain"},"max_items":1},"body":{"nesting_mode":"list","block":{"description_kind":"plain"},"max_items":1},"method":{"nesting_mode":"list","block":{"description_kind":"plain"},"max_items":1},"query_string":{"nesting_mode":"list","block":{"description_kind":"plain"},"max_items":1},"single_header":{"nesting_mode":"list","block":{"attributes":{"name":{"type":"string","description_kind":"plain","required":true}},"description_kind":"plain"},"max_items":1},"single_query_argument":{"nesting_mode":"list","block":{"attributes":{"name":{"type":"string","description_kind":"plain","required":true}},"description_kind":"plain"},"max_items":1},"uri_path":{"nesting_mode":"list","block":{"description_kind":"plain"},"max_items":1}},"description_kind":"plain"},"max_items":1},"text_transformation":{"nesting_mode":"set","block":{"attributes":{"priority":{"type":"number","description_kind":"plain","required":true},"type":{"type":"string","description_kind":"plain","required":true}},"description_kind":"plain"},"min_items":1}},"description_kind":"plain"},"max_items":1}},"description_kind":"plain"},"min_items":1}},"description_kind":"plain"},"max_items":1},"or_statement":{"nesting_mode":"list","block":{"block_types":{"statement":{"nesting_mode":"list","block":{"block_types":{"byte_match_statement":{"nesting_mode":"list","block":{"attributes":{"positional_constraint":{"type":"string","description_kind":"plain","required":true},"search_string":{"type":"string","description_kind":"plain","required":true}},"block_types":{"field_to_match":{"nesting_mode":"list","block":{"block_types":{"all_query_arguments":{"nesting_mode":"list","block":{"description_kind":"plain"},"max_items":1},"body":{"nesting_mode":"list","block":{"description_kind":"plain"},"max_items":1},"method":{"nesting_mode":"list","block":{"description_kind":"plain"},"max_items":1},"query_string":{"nesting_mode":"list","block":{"description_kind":"plain"},"max_items":1},"single_header":{"nesting_mode":"list","block":{"attributes":{"name":{"type":"string","description_kind":"plain","required":true}},"description_kind":"plain"},"max_items":1},"single_query_argument":{"nesting_mode":"list","block":{"attributes":{"name":{"type":"string","description_kind":"plain","required":true}},"description_kind":"plain"},"max_items":1},"uri_path":{"nesting_mode":"list","block":{"description_kind":"plain"},"max_items":1}},"description_kind":"plain"},"max_items":1},"text_transformation":{"nesting_mode":"set","block":{"attributes":{"priority":{"type":"number","description_kind":"plain","required":true},"type":{"type":"string","description_kind":"plain","required":true}},"description_kind":"plain"},"min_items":1}},"description_kind":"plain"},"max_items":1},"geo_match_statement":{"nesting_mode":"list","block":{"attributes":{"country_codes":{"type":["list","string"],"description_kind":"plain","required":true}},"block_types":{"forwarded_ip_config":{"nesting_mode":"list","block":{"attributes":{"fallback_behavior":{"type":"string","description_kind":"plain","required":true},"header_name":{"type":"string","description_kind":"plain","required":true}},"description_kind":"plain"},"max_items":1}},"description_kind":"plain"},"max_items":1},"ip_set_reference_statement":{"nesting_mode":"list","block":{"attributes":{"arn":{"type":"string","description_kind":"plain","required":true}},"block_types":{"ip_set_forwarded_ip_config":{"nesting_mode":"list","block":{"attributes":{"fallback_behavior":{"type":"string","description_kind":"plain","required":true},"header_name":{"type":"string","description_kind":"plain","required":true},"position":{"type":"string","description_kind":"plain","required":true}},"description_kind":"plain"},"max_items":1}},"description_kind":"plain"},"max_items":1},"regex_pattern_set_reference_statement":{"nesting_mode":"list","block":{"attributes":{"arn":{"type":"string","description_kind":"plain","required":true}},"block_types":{"field_to_match":{"nesting_mode":"list","block":{"block_types":{"all_query_arguments":{"nesting_mode":"list","block":{"description_kind":"plain"},"max_items":1},"body":{"nesting_mode":"list","block":{"description_kind":"plain"},"max_items":1},"method":{"nesting_mode":"list","block":{"description_kind":"plain"},"max_items":1},"query_string":{"nesting_mode":"list","block":{"description_kind":"plain"},"max_items":1},"single_header":{"nesting_mode":"list","block":{"attributes":{"name":{"type":"string","description_kind":"plain","required":true}},"description_kind":"plain"},"max_items":1},"single_query_argument":{"nesting_mode":"list","block":{"attributes":{"name":{"type":"string","description_kind":"plain","required":true}},"description_kind":"plain"},"max_items":1},"uri_path":{"nesting_mode":"list","block":{"description_kind":"plain"},"max_items":1}},"description_kind":"plain"},"max_items":1},"text_transformation":{"nesting_mode":"set","block":{"attributes":{"priority":{"type":"number","description_kind":"plain","required":true},"type":{"type":"string","description_kind":"plain","required":true}},"description_kind":"plain"},"min_items":1}},"description_kind":"plain"},"max_items":1},"size_constraint_statement":{"nesting_mode":"list","block":{"attributes":{"comparison_operator":{"type":"string","description_kind":"plain","required":true},"size":{"type":"number","description_kind":"plain","required":true}},"block_types":{"field_to_match":{"nesting_mode":"list","block":{"block_types":{"all_query_arguments":{"nesting_mode":"list","block":{"description_kind":"plain"},"max_items":1},"body":{"nesting_mode":"list","block":{"description_kind":"plain"},"max_items":1},"method":{"nesting_mode":"list","block":{"description_kind":"plain"},"max_items":1},"query_string":{"nesting_mode":"list","block":{"description_kind":"plain"},"max_items":1},"single_header":{"nesting_mode":"list","block":{"attributes":{"name":{"type":"string","description_kind":"plain","required":true}},"description_kind":"plain"},"max_items":1},"single_query_argument":{"nesting_mode":"list","block":{"attributes":{"name":{"type":"string","description_kind":"plain","required":true}},"description_kind":"plain"},"max_items":1},"uri_path":{"nesting_mode":"list","block":{"description_kind":"plain"},"max_items":1}},"description_kind":"plain"},"max_items":1},"text_transformation":{"nesting_mode":"set","block":{"attributes":{"priority":{"type":"number","description_kind":"plain","required":true},"type":{"type":"string","description_kind":"plain","required":true}},"description_kind":"plain"},"min_items":1}},"description_kind":"plain"},"max_items":1},"sqli_match_statement":{"nesting_mode":"list","block":{"block_types":{"field_to_match":{"nesting_mode":"list","block":{"block_types":{"all_query_arguments":{"nesting_mode":"list","block":{"description_kind":"plain"},"max_items":1},"body":{"nesting_mode":"list","block":{"description_kind":"plain"},"max_items":1},"method":{"nesting_mode":"list","block":{"description_kind":"plain"},"max_items":1},"query_string":{"nesting_mode":"list","block":{"description_kind":"plain"},"max_items":1},"single_header":{"nesting_mode":"list","block":{"attributes":{"name":{"type":"string","description_kind":"plain","required":true}},"description_kind":"plain"},"max_items":1},"single_query_argument":{"nesting_mode":"list","block":{"attributes":{"name":{"type":"string","description_kind":"plain","required":true}},"description_kind":"plain"},"max_items":1},"uri_path":{"nesting_mode":"list","block":{"description_kind":"plain"},"max_items":1}},"description_kind":"plain"},"max_items":1},"text_transformation":{"nesting_mode":"set","block":{"attributes":{"priority":{"type":"number","description_kind":"plain","required":true},"type":{"type":"string","description_kind":"plain","required":true}},"description_kind":"plain"},"min_items":1}},"description_kind":"plain"},"max_items":1},"xss_match_statement":{"nesting_mode":"list","block":{"block_types":{"field_to_match":{"nesting_mode":"list","block":{"block_types":{"all_query_arguments":{"nesting_mode":"list","block":{"description_kind":"plain"},"max_items":1},"body":{"nesting_mode":"list","block":{"description_kind":"plain"},"max_items":1},"method":{"nesting_mode":"list","block":{"description_kind":"plain"},"max_items":1},"query_string":{"nesting_mode":"list","block":{"description_kind":"plain"},"max_items":1},"single_header":{"nesting_mode":"list","block":{"attributes":{"name":{"type":"string","description_kind":"plain","required":true}},"description_kind":"plain"},"max_items":1},"single_query_argument":{"nesting_mode":"list","block":{"attributes":{"name":{"type":"string","description_kind":"plain","required":true}},"description_kind":"plain"},"max_items":1},"uri_path":{"nesting_mode":"list","block":{"description_kind":"plain"},"max_items":1}},"description_kind":"plain"},"max_items":1},"text_transformation":{"nesting_mode":"set","block":{"attributes":{"priority":{"type":"number","description_kind":"plain","required":true},"type":{"type":"string","description_kind":"plain","required":true}},"description_kind":"plain"},"min_items":1}},"description_kind":"plain"},"max_items":1}},"description_kind":"plain"},"min_items":1}},"description_kind":"plain"},"max_items":1},"regex_pattern_set_reference_statement":{"nesting_mode":"list","block":{"attributes":{"arn":{"type":"string","description_kind":"plain","required":true}},"block_types":{"field_to_match":{"nesting_mode":"list","block":{"block_types":{"all_query_arguments":{"nesting_mode":"list","block":{"description_kind":"plain"},"max_items":1},"body":{"nesting_mode":"list","block":{"description_kind":"plain"},"max_items":1},"method":{"nesting_mode":"list","block":{"description_kind":"plain"},"max_items":1},"query_string":{"nesting_mode":"list","block":{"description_kind":"plain"},"max_items":1},"single_header":{"nesting_mode":"list","block":{"attributes":{"name":{"type":"string","description_kind":"plain","required":true}},"description_kind":"plain"},"max_items":1},"single_query_argument":{"nesting_mode":"list","block":{"attributes":{"name":{"type":"string","description_kind":"plain","required":true}},"description_kind":"plain"},"max_items":1},"uri_path":{"nesting_mode":"list","block":{"description_kind":"plain"},"max_items":1}},"description_kind":"plain"},"max_items":1},"text_transformation":{"nesting_mode":"set","block":{"attributes":{"priority":{"type":"number","description_kind":"plain","required":true},"type":{"type":"string","description_kind":"plain","required":true}},"description_kind":"plain"},"min_items":1}},"description_kind":"plain"},"max_items":1},"size_constraint_statement":{"nesting_mode":"list","block":{"attributes":{"comparison_operator":{"type":"string","description_kind":"plain","required":true},"size":{"type":"number","description_kind":"plain","required":true}},"block_types":{"field_to_match":{"nesting_mode":"list","block":{"block_types":{"all_query_arguments":{"nesting_mode":"list","block":{"description_kind":"plain"},"max_items":1},"body":{"nesting_mode":"list","block":{"description_kind":"plain"},"max_items":1},"method":{"nesting_mode":"list","block":{"description_kind":"plain"},"max_items":1},"query_string":{"nesting_mode":"list","block":{"description_kind":"plain"},"max_items":1},"single_header":{"nesting_mode":"list","block":{"attributes":{"name":{"type":"string","description_kind":"plain","required":true}},"description_kind":"plain"},"max_items":1},"single_query_argument":{"nesting_mode":"list","block":{"attributes":{"name":{"type":"string","description_kind":"plain","required":true}},"description_kind":"plain"},"max_items":1},"uri_path":{"nesting_mode":"list","block":{"description_kind":"plain"},"max_items":1}},"description_kind":"plain"},"max_items":1},"text_transformation":{"nesting_mode":"set","block":{"attributes":{"priority":{"type":"number","description_kind":"plain","required":true},"type":{"type":"string","description_kind":"plain","required":true}},"description_kind":"plain"},"min_items":1}},"description_kind":"plain"},"max_items":1},"sqli_match_statement":{"nesting_mode":"list","block":{"block_types":{"field_to_match":{"nesting_mode":"list","block":{"block_types":{"all_query_arguments":{"nesting_mode":"list","block":{"description_kind":"plain"},"max_items":1},"body":{"nesting_mode":"list","block":{"description_kind":"plain"},"max_items":1},"method":{"nesting_mode":"list","block":{"description_kind":"plain"},"max_items":1},"query_string":{"nesting_mode":"list","block":{"description_kind":"plain"},"max_items":1},"single_header":{"nesting_mode":"list","block":{"attributes":{"name":{"type":"string","description_kind":"plain","required":true}},"description_kind":"plain"},"max_items":1},"single_query_argument":{"nesting_mode":"list","block":{"attributes":{"name":{"type":"string","description_kind":"plain","required":true}},"description_kind":"plain"},"max_items":1},"uri_path":{"nesting_mode":"list","block":{"description_kind":"plain"},"max_items":1}},"description_kind":"plain"},"max_items":1},"text_transformation":{"nesting_mode":"set","block":{"attributes":{"priority":{"type":"number","description_kind":"plain","required":true},"type":{"type":"string","description_kind":"plain","required":true}},"description_kind":"plain"},"min_items":1}},"description_kind":"plain"},"max_items":1},"xss_match_statement":{"nesting_mode":"list","block":{"block_types":{"field_to_match":{"nesting_mode":"list","block":{"block_types":{"all_query_arguments":{"nesting_mode":"list","block":{"description_kind":"plain"},"max_items":1},"body":{"nesting_mode":"list","block":{"description_kind":"plain"},"max_items":1},"method":{"nesting_mode":"list","block":{"description_kind":"plain"},"max_items":1},"query_string":{"nesting_mode":"list","block":{"description_kind":"plain"},"max_items":1},"single_header":{"nesting_mode":"list","block":{"attributes":{"name":{"type":"string","description_kind":"plain","required":true}},"description_kind":"plain"},"max_items":1},"single_query_argument":{"nesting_mode":"list","block":{"attributes":{"name":{"type":"string","description_kind":"plain","required":true}},"description_kind":"plain"},"max_items":1},"uri_path":{"nesting_mode":"list","block":{"description_kind":"plain"},"max_items":1}},"description_kind":"plain"},"max_items":1},"text_transformation":{"nesting_mode":"set","block":{"attributes":{"priority":{"type":"number","description_kind":"plain","required":true},"type":{"type":"string","description_kind":"plain","required":true}},"description_kind":"plain"},"min_items":1}},"description_kind":"plain"},"max_items":1}},"description_kind":"plain"},"min_items":1}},"description_kind":"plain"},"max_items":1},"regex_pattern_set_reference_statement":{"nesting_mode":"list","block":{"attributes":{"arn":{"type":"string","description_kind":"plain","required":true}},"block_types":{"field_to_match":{"nesting_mode":"list","block":{"block_types":{"all_query_arguments":{"nesting_mode":"list","block":{"description_kind":"plain"},"max_items":1},"body":{"nesting_mode":"list","block":{"description_kind":"plain"},"max_items":1},"method":{"nesting_mode":"list","block":{"description_kind":"plain"},"max_items":1},"query_string":{"nesting_mode":"list","block":{"description_kind":"plain"},"max_items":1},"single_header":{"nesting_mode":"list","block":{"attributes":{"name":{"type":"string","description_kind":"plain","required":true}},"description_kind":"plain"},"max_items":1},"single_query_argument":{"nesting_mode":"list","block":{"attributes":{"name":{"type":"string","description_kind":"plain","required":true}},"description_kind":"plain"},"max_items":1},"uri_path":{"nesting_mode":"list","block":{"description_kind":"plain"},"max_items":1}},"description_kind":"plain"},"max_items":1},"text_transformation":{"nesting_mode":"set","block":{"attributes":{"priority":{"type":"number","description_kind":"plain","required":true},"type":{"type":"string","description_kind":"plain","required":true}},"description_kind":"plain"},"min_items":1}},"description_kind":"plain"},"max_items":1},"size_constraint_statement":{"nesting_mode":"list","block":{"attributes":{"comparison_operator":{"type":"string","description_kind":"plain","required":true},"size":{"type":"number","description_kind":"plain","required":true}},"block_types":{"field_to_match":{"nesting_mode":"list","block":{"block_types":{"all_query_arguments":{"nesting_mode":"list","block":{"description_kind":"plain"},"max_items":1},"body":{"nesting_mode":"list","block":{"description_kind":"plain"},"max_items":1},"method":{"nesting_mode":"list","block":{"description_kind":"plain"},"max_items":1},"query_string":{"nesting_mode":"list","block":{"description_kind":"plain"},"max_items":1},"single_header":{"nesting_mode":"list","block":{"attributes":{"name":{"type":"string","description_kind":"plain","required":true}},"description_kind":"plain"},"max_items":1},"single_query_argument":{"nesting_mode":"list","block":{"attributes":{"name":{"type":"string","description_kind":"plain","required":true}},"description_kind":"plain"},"max_items":1},"uri_path":{"nesting_mode":"list","block":{"description_kind":"plain"},"max_items":1}},"description_kind":"plain"},"max_items":1},"text_transformation":{"nesting_mode":"set","block":{"attributes":{"priority":{"type":"number","description_kind":"plain","required":true},"type":{"type":"string","description_kind":"plain","required":true}},"description_kind":"plain"},"min_items":1}},"description_kind":"plain"},"max_items":1},"sqli_match_statement":{"nesting_mode":"list","block":{"block_types":{"field_to_match":{"nesting_mode":"list","block":{"block_types":{"all_query_arguments":{"nesting_mode":"list","block":{"description_kind":"plain"},"max_items":1},"body":{"nesting_mode":"list","block":{"description_kind":"plain"},"max_items":1},"method":{"nesting_mode":"list","block":{"description_kind":"plain"},"max_items":1},"query_string":{"nesting_mode":"list","block":{"description_kind":"plain"},"max_items":1},"single_header":{"nesting_mode":"list","block":{"attributes":{"name":{"type":"string","description_kind":"plain","required":true}},"description_kind":"plain"},"max_items":1},"single_query_argument":{"nesting_mode":"list","block":{"attributes":{"name":{"type":"string","description_kind":"plain","required":true}},"description_kind":"plain"},"max_items":1},"uri_path":{"nesting_mode":"list","block":{"description_kind":"plain"},"max_items":1}},"description_kind":"plain"},"max_items":1},"text_transformation":{"nesting_mode":"set","block":{"attributes":{"priority":{"type":"number","description_kind":"plain","required":true},"type":{"type":"string","description_kind":"plain","required":true}},"description_kind":"plain"},"min_items":1}},"description_kind":"plain"},"max_items":1},"xss_match_statement":{"nesting_mode":"list","block":{"block_types":{"field_to_match":{"nesting_mode":"list","block":{"block_types":{"all_query_arguments":{"nesting_mode":"list","block":{"description_kind":"plain"},"max_items":1},"body":{"nesting_mode":"list","block":{"description_kind":"plain"},"max_items":1},"method":{"nesting_mode":"list","block":{"description_kind":"plain"},"max_items":1},"query_string":{"nesting_mode":"list","block":{"description_kind":"plain"},"max_items":1},"single_header":{"nesting_mode":"list","block":{"attributes":{"name":{"type":"string","description_kind":"plain","required":true}},"description_kind":"plain"},"max_items":1},"single_query_argument":{"nesting_mode":"list","block":{"attributes":{"name":{"type":"string","description_kind":"plain","required":true}},"description_kind":"plain"},"max_items":1},"uri_path":{"nesting_mode":"list","block":{"description_kind":"plain"},"max_items":1}},"description_kind":"plain"},"max_items":1},"text_transformation":{"nesting_mode":"set","block":{"attributes":{"priority":{"type":"number","description_kind":"plain","required":true},"type":{"type":"string","description_kind":"plain","required":true}},"description_kind":"plain"},"min_items":1}},"description_kind":"plain"},"max_items":1}},"description_kind":"plain"},"max_items":1}},"description_kind":"plain"},"max_items":1},"regex_pattern_set_reference_statement":{"nesting_mode":"list","block":{"attributes":{"arn":{"type":"string","description_kind":"plain","required":true}},"block_types":{"field_to_match":{"nesting_mode":"list","block":{"block_types":{"all_query_arguments":{"nesting_mode":"list","block":{"description_kind":"plain"},"max_items":1},"body":{"nesting_mode":"list","block":{"description_kind":"plain"},"max_items":1},"method":{"nesting_mode":"list","block":{"description_kind":"plain"},"max_items":1},"query_string":{"nesting_mode":"list","block":{"description_kind":"plain"},"max_items":1},"single_header":{"nesting_mode":"list","block":{"attributes":{"name":{"type":"string","description_kind":"plain","required":true}},"description_kind":"plain"},"max_items":1},"single_query_argument":{"nesting_mode":"list","block":{"attributes":{"name":{"type":"string","description_kind":"plain","required":true}},"description_kind":"plain"},"max_items":1},"uri_path":{"nesting_mode":"list","block":{"description_kind":"plain"},"max_items":1}},"description_kind":"plain"},"max_items":1},"text_transformation":{"nesting_mode":"set","block":{"attributes":{"priority":{"type":"number","description_kind":"plain","required":true},"type":{"type":"string","description_kind":"plain","required":true}},"description_kind":"plain"},"min_items":1}},"description_kind":"plain"},"max_items":1},"rule_group_reference_statement":{"nesting_mode":"list","block":{"attributes":{"arn":{"type":"string","description_kind":"plain","required":true}},"block_types":{"excluded_rule":{"nesting_mode":"list","block":{"attributes":{"name":{"type":"string","description_kind":"plain","required":true}},"description_kind":"plain"}}},"description_kind":"plain"},"max_items":1},"size_constraint_statement":{"nesting_mode":"list","block":{"attributes":{"comparison_operator":{"type":"string","description_kind":"plain","required":true},"size":{"type":"number","description_kind":"plain","required":true}},"block_types":{"field_to_match":{"nesting_mode":"list","block":{"block_types":{"all_query_arguments":{"nesting_mode":"list","block":{"description_kind":"plain"},"max_items":1},"body":{"nesting_mode":"list","block":{"description_kind":"plain"},"max_items":1},"method":{"nesting_mode":"list","block":{"description_kind":"plain"},"max_items":1},"query_string":{"nesting_mode":"list","block":{"description_kind":"plain"},"max_items":1},"single_header":{"nesting_mode":"list","block":{"attributes":{"name":{"type":"string","description_kind":"plain","required":true}},"description_kind":"plain"},"max_items":1},"single_query_argument":{"nesting_mode":"list","block":{"attributes":{"name":{"type":"string","description_kind":"plain","required":true}},"description_kind":"plain"},"max_items":1},"uri_path":{"nesting_mode":"list","block":{"description_kind":"plain"},"max_items":1}},"description_kind":"plain"},"max_items":1},"text_transformation":{"nesting_mode":"set","block":{"attributes":{"priority":{"type":"number","description_kind":"plain","required":true},"type":{"type":"string","description_kind":"plain","required":true}},"description_kind":"plain"},"min_items":1}},"description_kind":"plain"},"max_items":1},"sqli_match_statement":{"nesting_mode":"list","block":{"block_types":{"field_to_match":{"nesting_mode":"list","block":{"block_types":{"all_query_arguments":{"nesting_mode":"list","block":{"description_kind":"plain"},"max_items":1},"body":{"nesting_mode":"list","block":{"description_kind":"plain"},"max_items":1},"method":{"nesting_mode":"list","block":{"description_kind":"plain"},"max_items":1},"query_string":{"nesting_mode":"list","block":{"description_kind":"plain"},"max_items":1},"single_header":{"nesting_mode":"list","block":{"attributes":{"name":{"type":"string","description_kind":"plain","required":true}},"description_kind":"plain"},"max_items":1},"single_query_argument":{"nesting_mode":"list","block":{"attributes":{"name":{"type":"string","description_kind":"plain","required":true}},"description_kind":"plain"},"max_items":1},"uri_path":{"nesting_mode":"list","block":{"description_kind":"plain"},"max_items":1}},"description_kind":"plain"},"max_items":1},"text_transformation":{"nesting_mode":"set","block":{"attributes":{"priority":{"type":"number","description_kind":"plain","required":true},"type":{"type":"string","description_kind":"plain","required":true}},"description_kind":"plain"},"min_items":1}},"description_kind":"plain"},"max_items":1},"xss_match_statement":{"nesting_mode":"list","block":{"block_types":{"field_to_match":{"nesting_mode":"list","block":{"block_types":{"all_query_arguments":{"nesting_mode":"list","block":{"description_kind":"plain"},"max_items":1},"body":{"nesting_mode":"list","block":{"description_kind":"plain"},"max_items":1},"method":{"nesting_mode":"list","block":{"description_kind":"plain"},"max_items":1},"query_string":{"nesting_mode":"list","block":{"description_kind":"plain"},"max_items":1},"single_header":{"nesting_mode":"list","block":{"attributes":{"name":{"type":"string","description_kind":"plain","required":true}},"description_kind":"plain"},"max_items":1},"single_query_argument":{"nesting_mode":"list","block":{"attributes":{"name":{"type":"string","description_kind":"plain","required":true}},"description_kind":"plain"},"max_items":1},"uri_path":{"nesting_mode":"list","block":{"description_kind":"plain"},"max_items":1}},"description_kind":"plain"},"max_items":1},"text_transformation":{"nesting_mode":"set","block":{"attributes":{"priority":{"type":"number","description_kind":"plain","required":true},"type":{"type":"string","description_kind":"plain","required":true}},"description_kind":"plain"},"min_items":1}},"description_kind":"plain"},"max_items":1}},"description_kind":"plain"},"min_items":1,"max_items":1},"visibility_config":{"nesting_mode":"list","block":{"attributes":{"cloudwatch_metrics_enabled":{"type":"bool","description_kind":"plain","required":true},"metric_name":{"type":"string","description_kind":"plain","required":true},"sampled_requests_enabled":{"type":"bool","description_kind":"plain","required":true}},"description_kind":"plain"},"min_items":1,"max_items":1}},"description_kind":"plain"},"min_items":1}},"description_kind":"plain"}}}}}}
