{"format_version":"0.2","provider_schemas":{"registry.terraform.io/pmorillon/grid5000":{"provider":{"version":0,"block":{"attributes":{"password":{"type":"string","description":"The password to use for HTTP basic authentication when accessing Grid5000 API.","description_kind":"plain","optional":true},"restfully_file":{"type":"string","description":"The restfully config file path to use for HTTP basic authentication when accessing Grid5000 API.","description_kind":"plain","optional":true},"username":{"type":"string","description":"The username to use for HTTP basic authentication when accessing Grid5000 API.","description_kind":"plain","optional":true}},"description_kind":"plain"}},"resource_schemas":{"grid5000_ceph_pool":{"version":0,"block":{"attributes":{"id":{"type":"string","description_kind":"plain","optional":true,"computed":true},"pool_name":{"type":"string","description_kind":"plain","required":true},"quota":{"type":"string","description_kind":"plain","required":true},"real_pool_name":{"type":"string","description_kind":"plain","computed":true},"site":{"type":"string","description_kind":"plain","required":true},"username":{"type":"string","description_kind":"plain","optional":true}},"description_kind":"plain"}},"grid5000_deployment":{"version":0,"block":{"attributes":{"environment":{"type":"string","description_kind":"plain","required":true},"id":{"type":"string","description_kind":"plain","optional":true,"computed":true},"key":{"type":"string","description_kind":"plain","optional":true},"nodes":{"type":["set","string"],"description_kind":"plain","required":true},"partition_number":{"type":"number","description_kind":"plain","optional":true},"site":{"type":"string","description_kind":"plain","required":true},"state":{"type":"string","description_kind":"plain","computed":true},"vlan":{"type":"number","description_kind":"plain","optional":true}},"description_kind":"plain"}},"grid5000_job":{"version":0,"block":{"attributes":{"assigned_nodes":{"type":["set","string"],"description_kind":"plain","computed":true},"command":{"type":"string","description_kind":"plain","optional":true},"disks_resources":{"type":["list",["object",{"device":"string","hostname":"string"}]],"description_kind":"plain","computed":true},"id":{"type":"string","description_kind":"plain","optional":true,"computed":true},"name":{"type":"string","description_kind":"plain","optional":true},"need_state":{"type":"string","description_kind":"plain","optional":true},"properties":{"type":"string","description_kind":"plain","optional":true},"reservation":{"type":"string","description_kind":"plain","optional":true},"resources":{"type":"string","description_kind":"plain","optional":true},"scheduled_at_limit":{"type":"string","description_kind":"plain","optional":true},"site":{"type":"string","description_kind":"plain","required":true},"state":{"type":"string","description_kind":"plain","computed":true},"subnets_resources":{"type":["list","string"],"description_kind":"plain","computed":true},"types":{"type":["set","string"],"description_kind":"plain","optional":true},"vlans_resources":{"type":["list","string"],"description_kind":"plain","computed":true}},"description_kind":"plain"}}},"data_source_schemas":{"grid5000_ceph_auth":{"version":0,"block":{"attributes":{"id":{"type":"string","description_kind":"plain","optional":true,"computed":true},"key":{"type":"string","description_kind":"plain","computed":true,"sensitive":true},"site":{"type":"string","description_kind":"plain","required":true},"username":{"type":"string","description_kind":"plain","optional":true}},"description_kind":"plain"}},"grid5000_node":{"version":0,"block":{"attributes":{"id":{"type":"string","description_kind":"plain","optional":true,"computed":true},"ip":{"type":"string","description_kind":"plain","computed":true},"ip6":{"type":"string","description_kind":"plain","computed":true},"name":{"type":"string","description_kind":"plain","required":true},"site":{"type":"string","description_kind":"plain","required":true}},"description_kind":"plain"}},"grid5000_site":{"version":0,"block":{"attributes":{"clusters":{"type":["list","string"],"description_kind":"plain","computed":true},"description":{"type":"string","description_kind":"plain","computed":true},"email_contact":{"type":"string","description_kind":"plain","computed":true},"frontend_ip":{"type":"string","description_kind":"plain","computed":true},"id":{"type":"string","description_kind":"plain","optional":true,"computed":true},"latitude":{"type":"number","description_kind":"plain","computed":true},"location":{"type":"string","description_kind":"plain","computed":true},"longitude":{"type":"number","description_kind":"plain","computed":true},"name":{"type":"string","description_kind":"plain","required":true},"production":{"type":"bool","description_kind":"plain","computed":true},"renater_ip":{"type":"string","description_kind":"plain","computed":true}},"description_kind":"plain"}},"grid5000_vlan_nodelist":{"version":0,"block":{"attributes":{"id":{"type":"string","description_kind":"plain","optional":true,"computed":true},"nodelist":{"type":["set","string"],"description_kind":"plain","required":true},"result":{"type":["set","string"],"description_kind":"plain","computed":true},"vlan":{"type":"number","description_kind":"plain","required":true}},"description_kind":"plain"}}}}}}
