{"format_version":"0.2","provider_schemas":{"registry.terraform.io/pmuir/rhoas":{"provider":{"version":0,"block":{"attributes":{"api_url":{"type":"string","description":"URL to the RHOAS services API. By default using production API (https://api.openshift.com).","description_kind":"plain","optional":true},"auth_url":{"type":"string","description":"The auth url is used to get an access token for the service by passing the offline token. By default production is used (https://sso.redhat.com/auth/realms/redhat-external).","description_kind":"plain","optional":true},"client_id":{"type":"string","description":"The client id is used to when getting the access token using the offline token. By default cloud-services is used.","description_kind":"plain","optional":true},"offline_token":{"type":"string","description":"The offline token is a refresh token with no expiry and can be used by non-interactive processes to provide an access token for Red Hat OpenShift Application Services. The offline token can be obtained from [https://cloud.redhat.com/openshift/token](https://cloud.redhat.com/openshift/token). As the offline token is a sensitive value that varies between environments it is best specified using the `OFFLINE_TOKEN` environment variable.","description_kind":"plain","optional":true}},"description_kind":"plain"}},"resource_schemas":{"rhoas_kafka":{"version":0,"block":{"attributes":{"id":{"type":"string","description_kind":"plain","optional":true,"computed":true}},"block_types":{"kafka":{"nesting_mode":"list","block":{"attributes":{"bootstrap_server_host":{"type":"string","description":"The bootstrap server (host:port)","description_kind":"plain","computed":true},"cloud_provider":{"type":"string","description":"The cloud provider to use. A list of available cloud providers can be obtained using `data.rhoas_cloud_providers`.","description_kind":"plain","optional":true},"created_at":{"type":"string","description":"The RFC3339 date and time at which the Kafka instance was created","description_kind":"plain","computed":true},"href":{"type":"string","description":"The path to the Kafka instance in the REST API","description_kind":"plain","computed":true},"id":{"type":"string","description":"The unique identifier for the Kafka instance","description_kind":"plain","computed":true},"kind":{"type":"string","description":"The kind of resource in the API","description_kind":"plain","computed":true},"multi_az":{"type":"bool","description":"Whether the Kafka instance should be highly available by supporting multi-az","description_kind":"plain","optional":true},"name":{"type":"string","description":"The name of the Kafka instance","description_kind":"plain","required":true},"owner":{"type":"string","description":"The username of the Red Hat account that owns the Kafka instance","description_kind":"plain","computed":true},"region":{"type":"string","description":"The region to use. A list of available regions can be obtained using `data.rhoas_cloud_providers_regions`.","description_kind":"plain","optional":true},"status":{"type":"string","description":"The status of the Kafka instance","description_kind":"plain","computed":true},"updated_at":{"type":"string","description":"The RFC3339 date and time at which the Kafka instance was last updated","description_kind":"plain","computed":true},"version":{"type":"string","description":"The version of Kafka the instance is using","description_kind":"plain","computed":true}},"description_kind":"plain"},"min_items":1,"max_items":1},"timeouts":{"nesting_mode":"single","block":{"attributes":{"create":{"type":"string","description_kind":"plain","optional":true}},"description_kind":"plain"}}},"description":"`rhoas_kafka` manages a Kafka instance in Red Hat OpenShift Streams for Apache Kafka.","description_kind":"plain"}},"rhoas_service_account":{"version":0,"block":{"attributes":{"id":{"type":"string","description_kind":"plain","optional":true,"computed":true}},"block_types":{"service_account":{"nesting_mode":"list","block":{"attributes":{"client_id":{"type":"string","description":"The client id associated with the service account","description_kind":"plain","computed":true},"client_secret":{"type":"string","description":"The client secret associated with the service account. It must be stored by the client as the server will not return it after creation","description_kind":"plain","computed":true},"description":{"type":"string","description":"A description of the service account","description_kind":"plain","optional":true},"name":{"type":"string","description":"The name of the service account","description_kind":"plain","required":true},"owner":{"type":"string","description":"The username of the Red Hat account that owns the service account","description_kind":"plain","computed":true}},"description_kind":"plain"},"min_items":1,"max_items":1},"timeouts":{"nesting_mode":"single","block":{"attributes":{"create":{"type":"string","description_kind":"plain","optional":true}},"description_kind":"plain"}}},"description":"`rhoas_service_account` manages a service account in Red Hat OpenShift Streams for Apache Kafka.","description_kind":"plain"}}},"data_source_schemas":{"rhoas_cloud_provider_regions":{"version":0,"block":{"attributes":{"id":{"type":"string","description_kind":"plain","required":true},"regions":{"type":["list",["object",{"display_name":"string","enabled":"bool","id":"string","kind":"string"}]],"description_kind":"plain","computed":true}},"description":"`rhoas_cloud_providers_regions` provides a list of the regions available for Red Hat OpenShift Streams for Apache Kafka.","description_kind":"plain"}},"rhoas_cloud_providers":{"version":0,"block":{"attributes":{"cloud_providers":{"type":["list",["object",{"display_name":"string","enabled":"bool","id":"string","kind":"string","name":"string"}]],"description_kind":"plain","computed":true},"id":{"type":"string","description_kind":"plain","optional":true,"computed":true}},"description":"`rhoas_cloud_providers` provides a list of the cloud providers available for Red Hat OpenShift Streams for Apache Kafka.","description_kind":"plain"}},"rhoas_kafkas":{"version":0,"block":{"attributes":{"id":{"type":"string","description":"The id of Kafka instance","description_kind":"plain","optional":true},"kafkas":{"type":["list",["object",{"bootstrap_server_host":"string","cloud_provider":"string","created_at":"string","failed_reason":"string","href":"string","id":"string","kind":"string","multi_az":"bool","name":"string","owner":"string","region":"string","status":"string","updated_at":"string","version":"string"}]],"description":"The list of Kafka instances","description_kind":"plain","computed":true}},"description":"`rhoas_kafkas` provides a list of the Kafkas accessible to your organization in Red Hat OpenShift Streams for Apache Kafka.","description_kind":"plain"}},"rhoas_service_accounts":{"version":0,"block":{"attributes":{"id":{"type":"string","description_kind":"plain","optional":true,"computed":true},"service_accounts":{"type":["list",["object",{"client_id":"string","created_at":"string","description":"string","href":"string","id":"string","kind":"string","name":"string","owner":"string"}]],"description_kind":"plain","computed":true}},"description":"`rhoas_service_accounts` provides a list of the service accounts accessible to your organization in Red Hat OpenShift Streams for Apache Kafka.","description_kind":"plain"}}}}}}
