{"format_version":"0.2","provider_schemas":{"registry.terraform.io/poroping/device42":{"provider":{"version":0,"block":{"attributes":{"host":{"type":"string","description_kind":"plain","optional":true},"insecure":{"type":"bool","description_kind":"plain","optional":true},"password":{"type":"string","description_kind":"plain","optional":true,"sensitive":true},"username":{"type":"string","description_kind":"plain","optional":true}},"description_kind":"plain"}},"resource_schemas":{"device42_ipam_ip":{"version":0,"block":{"attributes":{"id":{"type":"string","description":"IP address ID.","description_kind":"markdown","computed":true},"ipaddress":{"type":"string","description":"IP address.","description_kind":"markdown","optional":true,"computed":true},"notes":{"type":"string","description":"Notes.","description_kind":"markdown","optional":true,"computed":true},"subnet_id":{"type":"string","description":"Subnet ID.","description_kind":"markdown","required":true},"suggest_ip":{"type":"bool","description":"Get next free IP in subnet.","description_kind":"markdown","optional":true}},"description":"Manage IPAM ips.","description_kind":"markdown"}},"device42_ipam_subnet":{"version":0,"block":{"attributes":{"check_if_exists":{"type":"bool","description":"Use to check if subnet exists already.","description_kind":"markdown","optional":true},"create_from_parent":{"type":"bool","description":"Use to create subnet from parent.","description_kind":"markdown","optional":true},"customer_id":{"type":"string","description":"Customer ID.","description_kind":"markdown","optional":true,"computed":true},"id":{"type":"string","description_kind":"plain","optional":true,"computed":true},"mask_bits":{"type":"string","description":"Netmask bits.","description_kind":"markdown","required":true},"name":{"type":"string","description":"Name.","description_kind":"markdown","optional":true,"computed":true},"network":{"type":"string","description":"Network address.","description_kind":"markdown","optional":true,"computed":true},"parent_mask_bits":{"type":"string","description":"Parent netmask bits.","description_kind":"markdown","optional":true,"computed":true},"parent_subnet_id":{"type":"string","description":"ID of the parent subnet.","description_kind":"markdown","optional":true,"computed":true},"parent_vlan_id":{"type":"string","description":"Parent vlan ID.","description_kind":"markdown","optional":true,"computed":true},"parent_vlan_name":{"type":"string","description":"Parent vlan name.","description_kind":"markdown","computed":true},"parent_vlan_number":{"type":"string","description":"Parent vlan number.","description_kind":"markdown","computed":true},"subnet_id":{"type":"string","description":"ID of the subnet.","description_kind":"markdown","optional":true,"computed":true},"tags":{"type":"string","description":"Tags.","description_kind":"markdown","optional":true,"computed":true}},"description":"Manage IPAM subnets.","description_kind":"markdown"}},"device42_ipam_vlan":{"version":0,"block":{"attributes":{"check_if_exists":{"type":"bool","description":"Use to check if vlan exists already.","description_kind":"markdown","optional":true},"create_within_range":{"type":"string","description":"Use to create vlan from a range of vlans.","description_kind":"markdown","optional":true},"id":{"type":"string","description_kind":"plain","optional":true,"computed":true},"name":{"type":"string","description":"Name.","description_kind":"markdown","optional":true,"computed":true},"number":{"type":"string","description":"VLAN number.","description_kind":"markdown","optional":true,"computed":true},"tags":{"type":"string","description":"Tags.","description_kind":"markdown","optional":true,"computed":true},"tags_exist":{"type":"string","description":"Tags (AND) - used for filtering with `check_if_exists`.","description_kind":"markdown","optional":true},"tags_range":{"type":"string","description":"Tags (AND) - used for filtering with `create_within_range`.","description_kind":"markdown","optional":true},"vlan_id":{"type":"string","description":"VLAN ID.","description_kind":"markdown","optional":true,"computed":true}},"description":"Manage IPAM vlans.","description_kind":"markdown"}}},"data_source_schemas":{"device42_ipam_subnet":{"version":0,"block":{"attributes":{"customer_id":{"type":"string","description":"Customer ID.","description_kind":"markdown","computed":true},"id":{"type":"string","description_kind":"plain","optional":true,"computed":true},"mask_bits":{"type":"string","description":"Netmask bits.","description_kind":"markdown","computed":true},"name":{"type":"string","description":"Name.","description_kind":"markdown","computed":true},"network":{"type":"string","description":"Network address.","description_kind":"markdown","computed":true},"parent_mask_bits":{"type":"string","description":"Parent netmask bits.","description_kind":"markdown","computed":true},"parent_subnet_id":{"type":"string","description":"ID of the parent subnet.","description_kind":"markdown","computed":true},"parent_vlan_id":{"type":"string","description":"Parent vlan ID.","description_kind":"markdown","computed":true},"parent_vlan_name":{"type":"string","description":"Parent vlan name.","description_kind":"markdown","computed":true},"parent_vlan_number":{"type":"string","description":"Parent vlan number.","description_kind":"markdown","computed":true},"subnet_id":{"type":"string","description":"ID of the subnet.","description_kind":"markdown","required":true},"tags":{"type":"string","description":"Tags.","description_kind":"markdown","computed":true}},"description":"Read IPAM subnet.","description_kind":"markdown"}}}}}}
