{"format_version":"0.2","provider_schemas":{"registry.terraform.io/poroping/iosxe":{"provider":{"version":0,"block":{"attributes":{"host":{"type":"string","description_kind":"plain","optional":true},"insecure":{"type":"bool","description_kind":"plain","optional":true},"password":{"type":"string","description_kind":"plain","optional":true,"sensitive":true},"username":{"type":"string","description_kind":"plain","optional":true}},"description_kind":"plain"}},"resource_schemas":{"iosxe_bgp_neighbor":{"version":0,"block":{"attributes":{"as":{"type":"number","description":"Autonomous system number.","description_kind":"markdown","required":true},"default_originate":{"type":"bool","description":"Originate default route.","description_kind":"markdown","optional":true,"computed":true},"description":{"type":"string","description":"Description.","description_kind":"markdown","optional":true},"disable_connected_check":{"type":"bool","description":"Whatever this means.","description_kind":"markdown","optional":true,"computed":true},"ebgp_multihop":{"type":"number","description":"EBG multi-hop.","description_kind":"markdown","optional":true},"id":{"type":"string","description_kind":"plain","optional":true,"computed":true},"ip":{"type":"string","description":"Neighbor IP.","description_kind":"markdown","required":true},"local_as":{"type":"number","description":"Local AS.","description_kind":"markdown","optional":true},"remote_as":{"type":"number","description":"Remote AS.","description_kind":"markdown","required":true},"remove_private_as":{"type":"bool","description":"Remove private AS.","description_kind":"markdown","optional":true,"computed":true},"shutdown":{"type":"bool","description":"Shutdown.","description_kind":"markdown","optional":true,"computed":true},"soft_reconfiguration":{"type":"string","description":"Soft reconfiguration.","description_kind":"markdown","optional":true},"vrf":{"type":"string","description":"VRF.","description_kind":"markdown","optional":true}},"block_types":{"prefix_list":{"nesting_mode":"list","block":{"attributes":{"direction":{"type":"string","description":"Direction of prefix-list application.","description_kind":"markdown","required":true},"name":{"type":"string","description":"Prefix-list name.","description_kind":"markdown","required":true}},"description":"Prefix-list settings.","description_kind":"markdown"},"max_items":2},"timers":{"nesting_mode":"list","block":{"attributes":{"holdtime":{"type":"number","description":"Hold down time.","description_kind":"markdown","required":true},"keepalive_interval":{"type":"number","description":"Keepalive interval.","description_kind":"markdown","required":true},"minimum_neighbor_hold":{"type":"number","description":"Min hold time from neighbor.","description_kind":"markdown","optional":true}},"description":"BGP timers.","description_kind":"markdown"},"max_items":1}},"description":"Manage a L2 VLAN.","description_kind":"markdown"}},"iosxe_bgp_router":{"version":0,"block":{"attributes":{"as":{"type":"number","description":"Autonomous system number.","description_kind":"markdown","required":true},"id":{"type":"string","description_kind":"plain","optional":true,"computed":true},"log_neighbor_changes":{"type":"bool","description":"Log neighbor changes.","description_kind":"markdown","optional":true,"computed":true}},"description":"Manage a BGP router AS.","description_kind":"markdown"}},"iosxe_svi":{"version":0,"block":{"attributes":{"description":{"type":"string","description":"Interface description.","description_kind":"markdown","optional":true},"id":{"type":"string","description_kind":"plain","optional":true,"computed":true},"ip":{"type":"string","description":"Primary interface IP as CIDR.","description_kind":"markdown","required":true},"name":{"type":"string","description":"Interface name.","description_kind":"markdown","computed":true},"shutdown":{"type":"bool","description":"Interface status.","description_kind":"markdown","optional":true,"computed":true},"vlanid":{"type":"number","description":"VLANID.","description_kind":"markdown","required":true}},"block_types":{"secondary_ip":{"nesting_mode":"list","block":{"attributes":{"ip":{"type":"string","description":"Secondary interface IP as CIDR.","description_kind":"markdown","required":true}},"description":"Secondary IPs.","description_kind":"markdown"}}},"description":"Manage an SVI interface.","description_kind":"markdown"}},"iosxe_vlan":{"version":0,"block":{"attributes":{"id":{"type":"string","description_kind":"plain","optional":true,"computed":true},"name":{"type":"string","description":"VLAN name.","description_kind":"markdown","optional":true,"computed":true},"vlanid":{"type":"number","description":"VLAN ID.","description_kind":"markdown","required":true}},"description":"Manage a L2 VLAN.","description_kind":"markdown"}}},"data_source_schemas":{"iosxe_svi":{"version":0,"block":{"attributes":{"description":{"type":"string","description":"Interface description.","description_kind":"markdown","computed":true},"id":{"type":"string","description_kind":"plain","optional":true,"computed":true},"ip":{"type":"string","description":"Primary interface IP.","description_kind":"markdown","computed":true},"name":{"type":"string","description":"Interface name.","description_kind":"markdown","computed":true},"shutdown":{"type":"bool","description":"Interface status.","description_kind":"markdown","computed":true},"vlanid":{"type":"number","description":"VLANID.","description_kind":"markdown","required":true}},"description":"Sample data source in the Terraform provider SVI.","description_kind":"markdown"}}}}}}
