{"format_version":"0.2","provider_schemas":{"registry.terraform.io/preskton/twilio":{"provider":{"version":0,"block":{"attributes":{"account_sid":{"type":"string","description":"The unique ID that identifies your Twilio account. Starts with `AC` and can be found on the Settings -\u003e General page (https://www.twilio.com/console/project/settings).","description_kind":"plain","required":true},"auth_token":{"type":"string","description":"Your secret token to access your Twilio account. Keep this safe - DO NOT check this into source control!","description_kind":"plain","required":true},"endpoint":{"type":"string","description":"Allows you to change the Twilio API endpoint. Nearly everyone will leave this blank; Twilions may find use of this setting, though!","description_kind":"plain","optional":true}},"description_kind":"plain"}},"resource_schemas":{"twilio_api_key":{"version":0,"block":{"attributes":{"date_created":{"type":"string","description_kind":"plain","computed":true},"date_updated":{"type":"string","description_kind":"plain","computed":true},"friendly_name":{"type":"string","description_kind":"plain","optional":true},"id":{"type":"string","description_kind":"plain","optional":true,"computed":true},"secret":{"type":"string","description_kind":"plain","computed":true,"sensitive":true},"sid":{"type":"string","description_kind":"plain","computed":true}},"description_kind":"plain"}},"twilio_phone_number":{"version":0,"block":{"attributes":{"address_requirements":{"type":"string","description":"Address requirements imposed on this number, if any.","description_kind":"plain","computed":true},"address_sid":{"type":"string","description":"SID of the address associated with this phone number. May be required for certain countries.","description_kind":"plain","optional":true},"area_code":{"type":"string","description":"Look for a number within this area code.","description_kind":"plain","optional":true},"country_code":{"type":"string","description":"Two letter ISO country code in which you want to search for a number. See https://support.twilio.com/hc/en-us/articles/223183068-Twilio-international-phone-number-availability-and-their-capabilities for details on available countries.","description_kind":"plain","required":true},"date_created":{"type":"string","description":"The date the phone number was created.","description_kind":"plain","computed":true},"date_updated":{"type":"string","description":"The date the phone number was laste updated.","description_kind":"plain","computed":true},"friendly_name":{"type":"string","description":"A friendly, human-readable name by which you can refer to this number.","description_kind":"plain","optional":true},"id":{"type":"string","description_kind":"plain","optional":true,"computed":true},"identity_sid":{"type":"string","description":"SID of the identity associated with the phone number. May be required in certain countries.","description_kind":"plain","optional":true},"is_beta":{"type":"bool","description":"Whether or not this phone number is new to Twilio (beta status).","description_kind":"plain","computed":true},"is_mms_capable":{"type":"bool","description":"Whether or not this phone number is MMS-capable.","description_kind":"plain","computed":true},"is_sms_capable":{"type":"bool","description":"Whether or not this phone number is SMS-capable.","description_kind":"plain","computed":true},"is_voice_capable":{"type":"bool","description":"Whether or not this phone number is voice-capable..","description_kind":"plain","computed":true},"number":{"type":"string","description":"The full phone number, including country and area code.","description_kind":"plain","computed":true},"search":{"type":"string","description":"Look for this number sequence anywhere in the phone number.","description_kind":"plain","optional":true},"sid":{"type":"string","description":"The unique identifier for this phone number.","description_kind":"plain","computed":true},"trunk_sid":{"type":"string","description":"SID of the voice trunk that will handle calls to this number. If set, overrides any voice URLs or applications: only the trunk will recieve the incoming call.","description_kind":"plain","optional":true}},"block_types":{"emergency":{"nesting_mode":"set","block":{"attributes":{"address_sid":{"type":"string","description":"SID of the address used for emergency calling from this number. The address must be validated before it can be used for emergency purposes.","description_kind":"plain","optional":true},"status":{"type":"string","description":"Status of this phone number. Either `active` or `inactive`.","description_kind":"plain","optional":true}},"description_kind":"plain"},"max_items":1},"sms":{"nesting_mode":"set","block":{"attributes":{"application_sid":{"type":"string","description":"SID of the Twilio application to invoke when an SMS is sent to this number.","description_kind":"plain","optional":true},"fallback_http_method":{"type":"string","description":"The HTTP method for the fallback URL. Can be `GET` or `POST`, defaults to `POST`.","description_kind":"plain","optional":true},"fallback_url":{"type":"string","description":"The URL called if the primary URL returns a non-favorable status code.","description_kind":"plain","optional":true},"primary_http_method":{"type":"string","description":"The HTTP method for the primary URL. Can be `GET` or `POST`, defaults to `POST`.","description_kind":"plain","optional":true},"primary_url":{"type":"string","description":"The URL called when an SMS is sent to this number.","description_kind":"plain","optional":true}},"description_kind":"plain"},"max_items":1},"status_callback":{"nesting_mode":"set","block":{"attributes":{"http_method":{"type":"string","description":"The HTTP method for the status callback URL. Can be `GET` or `POST`, defaults to `POST`.","description_kind":"plain","optional":true},"url":{"type":"string","description":"The URL called when a whenever a status change occurs on this number.","description_kind":"plain","optional":true}},"description_kind":"plain"},"max_items":1},"voice":{"nesting_mode":"set","block":{"attributes":{"application_sid":{"type":"string","description":"SID of the Twilio application to invoke when a call is started with this number.","description_kind":"plain","optional":true},"caller_id_enabled":{"type":"bool","description":"If caller ID is enabled or not for this number. If enabled, incurs additional charge per call (see console for pricing). Can be `true` or `false`, defaults to `false`.","description_kind":"plain","optional":true},"fallback_http_method":{"type":"string","description":"The HTTP method for the fallback URL. Can be `GET` or `POST`, defaults to `POST`.","description_kind":"plain","optional":true},"fallback_url":{"type":"string","description":"The URL called if the primary URL returns a non-favorable status code.","description_kind":"plain","optional":true},"primary_http_method":{"type":"string","description":"The HTTP method for the primary URL. Can be `GET` or `POST`, defaults to `POST`.","description_kind":"plain","optional":true},"primary_url":{"type":"string","description":"The URL called when a phone call starts on this number.","description_kind":"plain","optional":true},"receive_mode":{"type":"string","description":"Determines if the line is set up for voice or fax. Can be `voice` or `fax`, defaults to `voice`.","description_kind":"plain","optional":true}},"description_kind":"plain"},"max_items":1}},"description_kind":"plain"}},"twilio_subaccount":{"version":0,"block":{"attributes":{"auth_token":{"type":"string","description_kind":"plain","computed":true},"date_created":{"type":"string","description_kind":"plain","computed":true},"date_updated":{"type":"string","description_kind":"plain","computed":true},"friendly_name":{"type":"string","description_kind":"plain","optional":true},"id":{"type":"string","description_kind":"plain","optional":true,"computed":true},"parent_account_sid":{"type":"string","description_kind":"plain","computed":true},"status":{"type":"string","description_kind":"plain","optional":true}},"description_kind":"plain"}}}}}}
