{"format_version":"0.2","provider_schemas":{"registry.terraform.io/psychopenguin/gandi":{"provider":{"version":0,"block":{"attributes":{"dry_run":{"type":"bool","description":"Prevent the Domain provider from taking certain actions","description_kind":"plain","optional":true},"key":{"type":"string","description":"A Gandi API key","description_kind":"plain","required":true},"sharing_id":{"type":"string","description":"A Gandi Sharing ID","description_kind":"plain","optional":true}},"description_kind":"plain"}},"resource_schemas":{"gandi_domain":{"version":0,"block":{"attributes":{"autorenew":{"type":"bool","description":"Should the domain autorenew","description_kind":"plain","optional":true},"id":{"type":"string","description_kind":"plain","optional":true,"computed":true},"name":{"type":"string","description":"The FQDN of the domain","description_kind":"plain","required":true},"nameservers":{"type":["list","string"],"description":"A list of nameservers for the domain","description_kind":"plain","optional":true}},"block_types":{"admin":{"nesting_mode":"set","block":{"attributes":{"city":{"type":"string","description":"City for the contact","description_kind":"plain","required":true},"country":{"type":"string","description":"The two letter country code for the contact","description_kind":"plain","required":true},"data_obfuscated":{"type":"bool","description":"Whether or not to obfuscate contact data in WHOIS","description_kind":"plain","optional":true},"email":{"type":"string","description":"Contact email address","description_kind":"plain","required":true},"extra_parameters":{"type":["map","string"],"description":"Extra parameters, needed for some jurisdictions","description_kind":"plain","optional":true},"family_name":{"type":"string","description":"Family name of the contact","description_kind":"plain","required":true},"given_name":{"type":"string","description":"Given name of the contact","description_kind":"plain","required":true},"mail_obfuscated":{"type":"bool","description":"Whether or not to obfuscate contact email in WHOIS","description_kind":"plain","optional":true},"organisation":{"type":"string","description":"The legal name of the organisation. Required for types other than person","description_kind":"plain","optional":true},"phone":{"type":"string","description":"Phone number for the contact","description_kind":"plain","required":true},"state":{"type":"string","description":"The state code for the contact","description_kind":"plain","optional":true},"street_addr":{"type":"string","description":"Street Address of the contact","description_kind":"plain","required":true},"type":{"type":"string","description":"One of 'person', 'company', 'association', 'public body', or 'reseller'","description_kind":"plain","required":true},"zip":{"type":"string","description":"Postal Code/Zipcode of the contact","description_kind":"plain","required":true}},"description_kind":"plain"},"min_items":1},"billing":{"nesting_mode":"set","block":{"attributes":{"city":{"type":"string","description":"City for the contact","description_kind":"plain","required":true},"country":{"type":"string","description":"The two letter country code for the contact","description_kind":"plain","required":true},"data_obfuscated":{"type":"bool","description":"Whether or not to obfuscate contact data in WHOIS","description_kind":"plain","optional":true},"email":{"type":"string","description":"Contact email address","description_kind":"plain","required":true},"extra_parameters":{"type":["map","string"],"description":"Extra parameters, needed for some jurisdictions","description_kind":"plain","optional":true},"family_name":{"type":"string","description":"Family name of the contact","description_kind":"plain","required":true},"given_name":{"type":"string","description":"Given name of the contact","description_kind":"plain","required":true},"mail_obfuscated":{"type":"bool","description":"Whether or not to obfuscate contact email in WHOIS","description_kind":"plain","optional":true},"organisation":{"type":"string","description":"The legal name of the organisation. Required for types other than person","description_kind":"plain","optional":true},"phone":{"type":"string","description":"Phone number for the contact","description_kind":"plain","required":true},"state":{"type":"string","description":"The state code for the contact","description_kind":"plain","optional":true},"street_addr":{"type":"string","description":"Street Address of the contact","description_kind":"plain","required":true},"type":{"type":"string","description":"One of 'person', 'company', 'association', 'public body', or 'reseller'","description_kind":"plain","required":true},"zip":{"type":"string","description":"Postal Code/Zipcode of the contact","description_kind":"plain","required":true}},"description_kind":"plain"},"min_items":1},"owner":{"nesting_mode":"set","block":{"attributes":{"city":{"type":"string","description":"City for the contact","description_kind":"plain","required":true},"country":{"type":"string","description":"The two letter country code for the contact","description_kind":"plain","required":true},"data_obfuscated":{"type":"bool","description":"Whether or not to obfuscate contact data in WHOIS","description_kind":"plain","optional":true},"email":{"type":"string","description":"Contact email address","description_kind":"plain","required":true},"extra_parameters":{"type":["map","string"],"description":"Extra parameters, needed for some jurisdictions","description_kind":"plain","optional":true},"family_name":{"type":"string","description":"Family name of the contact","description_kind":"plain","required":true},"given_name":{"type":"string","description":"Given name of the contact","description_kind":"plain","required":true},"mail_obfuscated":{"type":"bool","description":"Whether or not to obfuscate contact email in WHOIS","description_kind":"plain","optional":true},"organisation":{"type":"string","description":"The legal name of the organisation. Required for types other than person","description_kind":"plain","optional":true},"phone":{"type":"string","description":"Phone number for the contact","description_kind":"plain","required":true},"state":{"type":"string","description":"The state code for the contact","description_kind":"plain","optional":true},"street_addr":{"type":"string","description":"Street Address of the contact","description_kind":"plain","required":true},"type":{"type":"string","description":"One of 'person', 'company', 'association', 'public body', or 'reseller'","description_kind":"plain","required":true},"zip":{"type":"string","description":"Postal Code/Zipcode of the contact","description_kind":"plain","required":true}},"description_kind":"plain"},"min_items":1},"tech":{"nesting_mode":"set","block":{"attributes":{"city":{"type":"string","description":"City for the contact","description_kind":"plain","required":true},"country":{"type":"string","description":"The two letter country code for the contact","description_kind":"plain","required":true},"data_obfuscated":{"type":"bool","description":"Whether or not to obfuscate contact data in WHOIS","description_kind":"plain","optional":true},"email":{"type":"string","description":"Contact email address","description_kind":"plain","required":true},"extra_parameters":{"type":["map","string"],"description":"Extra parameters, needed for some jurisdictions","description_kind":"plain","optional":true},"family_name":{"type":"string","description":"Family name of the contact","description_kind":"plain","required":true},"given_name":{"type":"string","description":"Given name of the contact","description_kind":"plain","required":true},"mail_obfuscated":{"type":"bool","description":"Whether or not to obfuscate contact email in WHOIS","description_kind":"plain","optional":true},"organisation":{"type":"string","description":"The legal name of the organisation. Required for types other than person","description_kind":"plain","optional":true},"phone":{"type":"string","description":"Phone number for the contact","description_kind":"plain","required":true},"state":{"type":"string","description":"The state code for the contact","description_kind":"plain","optional":true},"street_addr":{"type":"string","description":"Street Address of the contact","description_kind":"plain","required":true},"type":{"type":"string","description":"One of 'person', 'company', 'association', 'public body', or 'reseller'","description_kind":"plain","required":true},"zip":{"type":"string","description":"Postal Code/Zipcode of the contact","description_kind":"plain","required":true}},"description_kind":"plain"},"min_items":1},"timeouts":{"nesting_mode":"single","block":{"attributes":{"default":{"type":"string","description_kind":"plain","optional":true}},"description_kind":"plain"}}},"description_kind":"plain"}},"gandi_livedns_domain":{"version":0,"block":{"attributes":{"automatic_snapshots":{"type":"bool","description":"Enable or disable the automatic creation of snapshots when records are changed","description_kind":"plain","optional":true},"id":{"type":"string","description_kind":"plain","optional":true,"computed":true},"name":{"type":"string","description":"The FQDN of the domain","description_kind":"plain","required":true},"ttl":{"type":"number","description":"The default TTL of the domain","description_kind":"plain","required":true}},"block_types":{"timeouts":{"nesting_mode":"single","block":{"attributes":{"default":{"type":"string","description_kind":"plain","optional":true}},"description_kind":"plain"}}},"description_kind":"plain"}},"gandi_livedns_record":{"version":0,"block":{"attributes":{"id":{"type":"string","description_kind":"plain","optional":true,"computed":true},"name":{"type":"string","description":"The name of the record","description_kind":"plain","required":true},"ttl":{"type":"number","description":"The TTL of the record","description_kind":"plain","required":true},"type":{"type":"string","description":"The type of the record","description_kind":"plain","required":true},"values":{"type":["set","string"],"description":"A list of values of the record","description_kind":"plain","required":true},"zone":{"type":"string","description":"The FQDN of the domain","description_kind":"plain","required":true}},"block_types":{"timeouts":{"nesting_mode":"single","block":{"attributes":{"default":{"type":"string","description_kind":"plain","optional":true}},"description_kind":"plain"}}},"description_kind":"plain"}}},"data_source_schemas":{"gandi_domain":{"version":0,"block":{"attributes":{"id":{"type":"string","description_kind":"plain","optional":true,"computed":true},"name":{"type":"string","description":"The FQDN of the domain","description_kind":"plain","required":true},"nameservers":{"type":["list","string"],"description":"A list of nameservers for the domain","description_kind":"plain","computed":true}},"description_kind":"plain"}},"gandi_livedns_domain":{"version":0,"block":{"attributes":{"id":{"type":"string","description_kind":"plain","optional":true,"computed":true},"name":{"type":"string","description":"The FQDN of the domain","description_kind":"plain","required":true}},"description_kind":"plain"}},"gandi_livedns_domain_ns":{"version":0,"block":{"attributes":{"id":{"type":"string","description_kind":"plain","optional":true,"computed":true},"name":{"type":"string","description":"The FQDN of the domain","description_kind":"plain","required":true},"nameservers":{"type":["list","string"],"description":"A list of nameservers for the domain","description_kind":"plain","computed":true}},"description_kind":"plain"}}}}}}
