{"format_version":"0.2","provider_schemas":{"registry.terraform.io/pubg/fox":{"provider":{"version":0,"block":{"attributes":{"address":{"type":"string","description_kind":"plain","required":true}},"description_kind":"plain"}},"resource_schemas":{"fox_doc":{"version":0,"block":{"attributes":{"data_bool":{"type":"bool","description_kind":"plain","optional":true},"data_list":{"type":"string","description_kind":"plain","optional":true},"data_map":{"type":"string","description_kind":"plain","optional":true},"data_number":{"type":"number","description_kind":"plain","optional":true},"data_string":{"type":"string","description_kind":"plain","optional":true},"datatype":{"type":"string","description_kind":"plain","computed":true},"doc_id":{"type":"string","description_kind":"plain","required":true},"groups":{"type":["list","string"],"description_kind":"plain","optional":true},"id":{"type":"string","description_kind":"plain","optional":true,"computed":true}},"description_kind":"plain"}},"fox_ip_env":{"version":0,"block":{"attributes":{"cidrs":{"type":["list","string"],"description_kind":"plain","required":true},"created":{"type":"string","description_kind":"plain","computed":true},"env":{"type":"string","description_kind":"plain","required":true},"groups":{"type":["list","string"],"description_kind":"plain","required":true},"id":{"type":"string","description_kind":"plain","optional":true,"computed":true},"last_modified":{"type":"string","description_kind":"plain","computed":true}},"description_kind":"plain"}}},"data_source_schemas":{"fox_doc":{"version":0,"block":{"attributes":{"data_bool":{"type":"bool","description_kind":"plain","computed":true},"data_list":{"type":"string","description_kind":"plain","computed":true},"data_map":{"type":"string","description_kind":"plain","computed":true},"data_number":{"type":"number","description_kind":"plain","computed":true},"data_string":{"type":"string","description_kind":"plain","computed":true},"datatype":{"type":"string","description_kind":"plain","computed":true},"doc_id":{"type":"string","description_kind":"plain","required":true},"groups":{"type":["list","string"],"description_kind":"plain","computed":true},"id":{"type":"string","description_kind":"plain","optional":true,"computed":true}},"description_kind":"plain"}},"fox_doc_all":{"version":0,"block":{"attributes":{"doc_infos":{"type":["list",["object",{"data_bool":"bool","data_list":"string","data_map":"string","data_number":"number","data_string":"string","datatype":"string","doc_id":"string","groups":["list","string"]}]],"description_kind":"plain","computed":true},"id":{"type":"string","description_kind":"plain","optional":true,"computed":true}},"description_kind":"plain"}},"fox_doc_field":{"version":0,"block":{"attributes":{"data_bool":{"type":"bool","description_kind":"plain","computed":true},"data_list":{"type":"string","description_kind":"plain","computed":true},"data_map":{"type":"string","description_kind":"plain","computed":true},"data_number":{"type":"number","description_kind":"plain","computed":true},"data_string":{"type":"string","description_kind":"plain","computed":true},"datatype":{"type":"string","description_kind":"plain","computed":true},"doc_id":{"type":"string","description_kind":"plain","required":true},"id":{"type":"string","description_kind":"plain","optional":true,"computed":true},"path":{"type":"string","description_kind":"plain","required":true}},"description_kind":"plain"}},"fox_doc_group":{"version":0,"block":{"attributes":{"datatype":{"type":"string","description_kind":"plain","optional":true},"doc_infos":{"type":["list",["object",{"data_bool":"bool","data_list":"string","data_map":"string","data_number":"number","data_string":"string","datatype":"string","doc_id":"string","groups":["list","string"]}]],"description_kind":"plain","computed":true},"group":{"type":"string","description_kind":"plain","required":true},"id":{"type":"string","description_kind":"plain","optional":true,"computed":true}},"description_kind":"plain"}},"fox_ip_all":{"version":0,"block":{"attributes":{"id":{"type":"string","description_kind":"plain","optional":true,"computed":true},"ip_infos":{"type":["list",["object",{"cidrs":["list","string"],"created":"string","env":"string","groups":["list","string"],"id":"string","last_modified":"string"}]],"description_kind":"plain","computed":true}},"description_kind":"plain"}},"fox_ip_env":{"version":0,"block":{"attributes":{"cidrs":{"type":["list","string"],"description_kind":"plain","computed":true},"created":{"type":"string","description_kind":"plain","computed":true},"env":{"type":"string","description_kind":"plain","computed":true},"groups":{"type":["list","string"],"description_kind":"plain","computed":true},"id":{"type":"string","description_kind":"plain","required":true},"last_modified":{"type":"string","description_kind":"plain","computed":true}},"description_kind":"plain"}},"fox_ip_group":{"version":0,"block":{"attributes":{"group":{"type":"string","description_kind":"plain","required":true},"id":{"type":"string","description_kind":"plain","optional":true,"computed":true},"ip_infos":{"type":["list",["object",{"cidrs":["list","string"],"created":"string","env":"string","groups":["list","string"],"id":"string","last_modified":"string"}]],"description_kind":"plain","computed":true}},"description_kind":"plain"}}}}}}
