{"format_version":"0.2","provider_schemas":{"registry.terraform.io/pvotal-tech/k3d":{"provider":{"version":0,"block":{"description_kind":"plain"}},"resource_schemas":{"k3d_cluster":{"version":0,"block":{"attributes":{"agents":{"type":"number","description":"Specify how many agents you want to create.","description_kind":"markdown","optional":true},"credentials":{"type":["list",["object",{"client_certificate":"string","client_key":"string","cluster_ca_certificate":"string","host":"string","raw":"string"}]],"description":"Cluster credentials.","description_kind":"markdown","computed":true,"sensitive":true},"id":{"type":"string","description_kind":"plain","optional":true,"computed":true},"image":{"type":"string","description":"Specify k3s image that you want to use for the nodes.","description_kind":"markdown","optional":true},"name":{"type":"string","description":"Cluster name.","description_kind":"markdown","required":true},"network":{"type":"string","description":"Join an existing network.","description_kind":"markdown","optional":true,"computed":true},"servers":{"type":"number","description":"Specify how many servers you want to create.","description_kind":"markdown","optional":true},"token":{"type":"string","description":"Specify a cluster token. By default, we generate one.","description_kind":"markdown","optional":true,"computed":true,"sensitive":true}},"block_types":{"env":{"nesting_mode":"list","block":{"attributes":{"key":{"type":"string","description_kind":"plain","required":true},"node_filters":{"type":["list","string"],"description_kind":"plain","optional":true},"value":{"type":"string","description_kind":"plain","optional":true}},"description":"Add environment variables to nodes.","description_kind":"markdown"}},"k3d":{"nesting_mode":"list","block":{"attributes":{"disable_host_ip_injection":{"type":"bool","description":"Disable the automatic injection of the Host IP as 'host.k3d.internal' into the containers and CoreDNS.","description_kind":"markdown","optional":true},"disable_image_volume":{"type":"bool","description":"Disable the creation of a volume for importing images.","description_kind":"markdown","optional":true},"disable_load_balancer":{"type":"bool","description":"Disable the creation of a LoadBalancer in front of the server nodes.","description_kind":"markdown","optional":true}},"description":"k3d runtime settings.","description_kind":"markdown"},"max_items":1},"k3s":{"nesting_mode":"list","block":{"attributes":{"extra_agent_args":{"type":["list","string"],"description":"Additional args passed to the k3s agent command on agent nodes.","description_kind":"markdown","optional":true},"extra_server_args":{"type":["list","string"],"description":"Additional args passed to the k3s server command on server nodes.","description_kind":"markdown","optional":true}},"description":"Options passed on to k3s itself.","description_kind":"markdown"},"max_items":1},"kube_api":{"nesting_mode":"list","block":{"attributes":{"host":{"type":"string","description":"Important for the `server` setting in the kubeconfig.","description_kind":"markdown","optional":true},"host_ip":{"type":"string","description":"Where the Kubernetes API will be listening on.","description_kind":"markdown","optional":true},"host_port":{"type":"number","description":"Specify the Kubernetes API server port exposed on the LoadBalancer.","description_kind":"markdown","optional":true}},"description_kind":"plain"},"max_items":1},"kubeconfig":{"nesting_mode":"list","block":{"attributes":{"switch_current_context":{"type":"bool","description":"Directly switch the default kubeconfig's current-context to the new cluster's context.","description_kind":"markdown","optional":true},"update_default_kubeconfig":{"type":"bool","description":"Directly update the default kubeconfig with the new cluster's context.","description_kind":"markdown","optional":true}},"description":"Manage the default kubeconfig","description_kind":"markdown"},"max_items":1},"label":{"nesting_mode":"list","block":{"attributes":{"key":{"type":"string","description_kind":"plain","required":true},"node_filters":{"type":["list","string"],"description_kind":"plain","optional":true},"value":{"type":"string","description_kind":"plain","optional":true}},"description":"Add label to node container.","description_kind":"markdown"}},"port":{"nesting_mode":"list","block":{"attributes":{"container_port":{"type":"number","description_kind":"plain","required":true},"host":{"type":"string","description_kind":"plain","optional":true},"host_port":{"type":"number","description_kind":"plain","optional":true},"node_filters":{"type":["list","string"],"description_kind":"plain","optional":true},"protocol":{"type":"string","description_kind":"plain","optional":true}},"description":"Map ports from the node containers to the host.","description_kind":"markdown"}},"registries":{"nesting_mode":"list","block":{"attributes":{"config":{"type":"string","description":"Specify path to an extra registries.yaml file.","description_kind":"markdown","optional":true},"create":{"type":"bool","description":"Create a k3d-managed registry and connect it to the cluster.","description_kind":"markdown","optional":true},"use":{"type":["list","string"],"description":"Connect to one or more k3d-managed registries running locally.","description_kind":"markdown","optional":true}},"description":"Define how registries should be created or used.","description_kind":"markdown"},"max_items":1},"runtime":{"nesting_mode":"list","block":{"attributes":{"agents_memory":{"type":"string","description":"Memory limit imposed on the agents nodes [From docker].","description_kind":"markdown","optional":true},"gpu_request":{"type":"string","description":"GPU devices to add to the cluster node containers ('all' to pass all GPUs) [From docker].","description_kind":"markdown","optional":true},"servers_memory":{"type":"string","description":"Memory limit imposed on the server nodes [From docker].","description_kind":"markdown","optional":true}},"description":"Runtime (Docker) specific options","description_kind":"markdown"},"max_items":1},"volume":{"nesting_mode":"list","block":{"attributes":{"destination":{"type":"string","description_kind":"plain","required":true},"node_filters":{"type":["list","string"],"description_kind":"plain","optional":true},"source":{"type":"string","description_kind":"plain","optional":true}},"description":"Mount volumes into the nodes.","description_kind":"markdown"}}},"description":"Cluster resource in k3d.","description_kind":"markdown"}},"k3d_node":{"version":0,"block":{"attributes":{"cluster":{"type":"string","description":"Select the cluster that the node shall connect to.","description_kind":"markdown","optional":true},"id":{"type":"string","description_kind":"plain","optional":true,"computed":true},"image":{"type":"string","description":"Specify k3s image used for the node(s).","description_kind":"markdown","optional":true},"memory":{"type":"string","description":"Memory limit imposed on the node [From docker]","description_kind":"markdown","optional":true},"name":{"type":"string","description":"Node name.","description_kind":"markdown","required":true},"role":{"type":"string","description":"Specify node role [server, agent].","description_kind":"markdown","optional":true}},"description":"Containerized k3s node (k3s in docker).","description_kind":"markdown"}},"k3d_registry":{"version":0,"block":{"attributes":{"id":{"type":"string","description_kind":"plain","optional":true,"computed":true},"image":{"type":"string","description":"Node name.","description_kind":"markdown","optional":true},"name":{"type":"string","description":"Node name.","description_kind":"markdown","required":true}},"block_types":{"port":{"nesting_mode":"list","block":{"attributes":{"host":{"type":"string","description_kind":"plain","optional":true},"host_ip":{"type":"string","description_kind":"plain","optional":true},"host_port":{"type":"number","description_kind":"plain","optional":true}},"description":"Select which port the registry should be listening on on your machine (localhost).","description_kind":"markdown"},"max_items":1}},"description":"k3d-managed registry.","description_kind":"markdown"}}},"data_source_schemas":{"k3d_cluster":{"version":0,"block":{"attributes":{"id":{"type":"string","description_kind":"plain","optional":true,"computed":true},"kubeconfig_raw":{"type":"string","description":"The full contents of the Kubernetes cluster's kubeconfig file.","description_kind":"markdown","computed":true,"sensitive":true},"name":{"type":"string","description":"Cluster name.","description_kind":"markdown","required":true},"network":{"type":"string","description":"Join an existing network.","description_kind":"markdown","computed":true},"token":{"type":"string","description":"Specify a cluster token. By default, we generate one.","description_kind":"markdown","computed":true,"sensitive":true}},"description":"Cluster data source in k3d.","description_kind":"markdown"}},"k3d_node":{"version":0,"block":{"attributes":{"cluster":{"type":"string","description":"Select the cluster that the node shall connect to.","description_kind":"markdown","computed":true},"id":{"type":"string","description_kind":"plain","optional":true,"computed":true},"name":{"type":"string","description":"Node name.","description_kind":"markdown","required":true},"role":{"type":"string","description":"Specify node role [server, agent].","description_kind":"markdown","computed":true}},"description":"Node data source in k3d.","description_kind":"markdown"}},"k3d_registry":{"version":0,"block":{"attributes":{"id":{"type":"string","description_kind":"plain","optional":true,"computed":true},"name":{"type":"string","description":"Registry name.","description_kind":"markdown","required":true}},"description":"k3d-managed registry.","description_kind":"markdown"}}}}}}
