{"format_version":"0.2","provider_schemas":{"registry.terraform.io/quantummetric/pulsar":{"provider":{"version":0,"block":{"attributes":{"api_version":{"type":"string","description":"Api Version to be used for the pulsar admin interaction","description_kind":"plain","optional":true},"tls_allow_insecure_connection":{"type":"bool","description":"Boolean flag to accept untrusted TLS certificates","description_kind":"plain","optional":true},"tls_trust_certs_file_path":{"type":"string","description":"Path to a custom trusted TLS certificate file","description_kind":"plain","optional":true},"token":{"type":"string","description":"Authentication Token used to grant terraform permissions\nto modify Apace Pulsar Entities","description_kind":"plain","optional":true},"web_service_url":{"type":"string","description":"Web service url is used to connect to your apache pulsar cluster","description_kind":"plain","required":true}},"description_kind":"plain"}},"resource_schemas":{"pulsar_cluster":{"version":0,"block":{"attributes":{"cluster":{"type":"string","description_kind":"plain","required":true},"id":{"type":"string","description_kind":"plain","optional":true,"computed":true}},"block_types":{"cluster_data":{"nesting_mode":"set","block":{"attributes":{"broker_service_url":{"type":"string","description_kind":"plain","required":true},"broker_service_url_tls":{"type":"string","description_kind":"plain","optional":true},"peer_clusters":{"type":["list","string"],"description_kind":"plain","optional":true},"web_service_url":{"type":"string","description_kind":"plain","required":true},"web_service_url_tls":{"type":"string","description_kind":"plain","optional":true}},"description_kind":"plain"},"min_items":1,"max_items":1}},"description_kind":"plain"}},"pulsar_namespace":{"version":0,"block":{"attributes":{"enable_deduplication":{"type":"bool","description_kind":"plain","optional":true},"id":{"type":"string","description_kind":"plain","optional":true,"computed":true},"namespace":{"type":"string","description":"Pulsar namespaces are logical groupings of topics","description_kind":"plain","required":true},"tenant":{"type":"string","description":"An administrative unit for allocating capacity and enforcing an \nauthentication/authorization scheme","description_kind":"plain","required":true}},"block_types":{"backlog_quota":{"nesting_mode":"set","block":{"attributes":{"limit_bytes":{"type":"string","description_kind":"plain","required":true},"policy":{"type":"string","description_kind":"plain","required":true}},"description_kind":"plain"},"max_items":1},"dispatch_rate":{"nesting_mode":"set","block":{"attributes":{"dispatch_byte_throttling_rate":{"type":"number","description_kind":"plain","required":true},"dispatch_msg_throttling_rate":{"type":"number","description_kind":"plain","required":true},"rate_period_seconds":{"type":"number","description_kind":"plain","required":true}},"description_kind":"plain"},"max_items":1},"namespace_config":{"nesting_mode":"set","block":{"attributes":{"anti_affinity":{"type":"string","description_kind":"plain","optional":true},"max_consumers_per_subscription":{"type":"number","description_kind":"plain","optional":true},"max_consumers_per_topic":{"type":"number","description_kind":"plain","optional":true},"max_producers_per_topic":{"type":"number","description_kind":"plain","optional":true},"replication_clusters":{"type":["list","string"],"description_kind":"plain","optional":true},"schema_compatibility_strategy":{"type":"string","description_kind":"plain","optional":true},"schema_validation_enforce":{"type":"bool","description_kind":"plain","optional":true}},"description_kind":"plain"},"max_items":1},"permission_grant":{"nesting_mode":"list","block":{"attributes":{"actions":{"type":["set","string"],"description_kind":"plain","required":true},"role":{"type":"string","description_kind":"plain","required":true}},"description_kind":"plain"}},"persistence_policies":{"nesting_mode":"set","block":{"attributes":{"bookkeeper_ack_quorum":{"type":"number","description_kind":"plain","required":true},"bookkeeper_ensemble":{"type":"number","description_kind":"plain","required":true},"bookkeeper_write_quorum":{"type":"number","description_kind":"plain","required":true},"managed_ledger_max_mark_delete_rate":{"type":"number","description_kind":"plain","required":true}},"description_kind":"plain"},"max_items":1},"retention_policies":{"nesting_mode":"set","block":{"attributes":{"retention_minutes":{"type":"string","description_kind":"plain","required":true},"retention_size_in_mb":{"type":"string","description_kind":"plain","required":true}},"description_kind":"plain"},"max_items":1}},"description_kind":"plain"}},"pulsar_tenant":{"version":0,"block":{"attributes":{"admin_roles":{"type":["list","string"],"description":"Admin roles to be attached to tenant","description_kind":"plain","optional":true},"allowed_clusters":{"type":["set","string"],"description":"Tenant will be able to interact with these clusters","description_kind":"plain","optional":true},"id":{"type":"string","description_kind":"plain","optional":true,"computed":true},"tenant":{"type":"string","description":"An administrative unit for allocating capacity and enforcing an \nauthentication/authorization scheme","description_kind":"plain","required":true}},"description_kind":"plain"}},"pulsar_topic":{"version":0,"block":{"attributes":{"id":{"type":"string","description_kind":"plain","optional":true,"computed":true},"namespace":{"type":"string","description":"Pulsar namespaces are logical groupings of topics","description_kind":"plain","required":true},"partitions":{"type":"number","description_kind":"plain","required":true},"tenant":{"type":"string","description":"An administrative unit for allocating capacity and enforcing an \nauthentication/authorization scheme","description_kind":"plain","required":true},"topic_name":{"type":"string","description_kind":"plain","required":true},"topic_type":{"type":"string","description_kind":"plain","required":true}},"block_types":{"permission_grant":{"nesting_mode":"list","block":{"attributes":{"actions":{"type":["set","string"],"description_kind":"plain","required":true},"role":{"type":"string","description_kind":"plain","required":true}},"description_kind":"plain"}}},"description_kind":"plain"}}}}}}
