{"format_version":"0.2","provider_schemas":{"registry.terraform.io/redventures/shield":{"provider":{"version":0,"block":{"attributes":{"api_url":{"type":"string","description":"Shield GraphQL API URL","description_kind":"plain","optional":true},"auth_token":{"type":"string","description":"Static JWT token, useful for development purposes","description_kind":"plain","optional":true},"tenant":{"type":"string","description":"Shield Tenant Name","description_kind":"plain","optional":true}},"block_types":{"auth_client":{"nesting_mode":"list","block":{"attributes":{"audience":{"type":"string","description":"Shield API Audience","description_kind":"plain","required":true},"client_id":{"type":"string","description":"Shield Client ID","description_kind":"plain","optional":true},"client_secret":{"type":"string","description":"Shield Client Secret","description_kind":"plain","optional":true},"token_url":{"type":"string","description":"Endpoint used to retreive JWT tokens","description_kind":"plain","required":true}},"description":"OAuth Client Info","description_kind":"plain"},"max_items":1}},"description_kind":"plain"}},"resource_schemas":{"shield_aws_profile":{"version":0,"block":{"attributes":{"ecs_clusters":{"type":["set",["object",{"id":"string","name":"string","region":"string"}]],"description":"List of clusters linked to the AWS profile","description_kind":"plain","computed":true},"id":{"type":"string","description_kind":"plain","optional":true,"computed":true},"name":{"type":"string","description":"Name of the AWS Profile","description_kind":"plain","required":true},"role_arn":{"type":"string","description":"IAM Role used by the AWS Profile to access an AWS account","description_kind":"plain","required":true}},"description_kind":"plain"}},"shield_environment":{"version":0,"block":{"attributes":{"archive_on_delete":{"type":"bool","description":"If true, the environment will be archived instead of deleted","description_kind":"plain","optional":true},"auto_promote":{"type":"bool","description":"If true, this environment will be automatically deployed when Shield is notified of new versions","description_kind":"plain","optional":true},"id":{"type":"string","description_kind":"plain","optional":true,"computed":true},"name":{"type":"string","description":"Name of the Environment","description_kind":"plain","required":true},"privileged":{"type":"bool","description":"If true, only users with the Deployer role will be able to deploy to this environment","description_kind":"plain","optional":true},"project_id":{"type":"string","description":"ID of the project this environment should be associated with","description_kind":"plain","required":true},"slug":{"type":"string","description":"Slug of the environment","description_kind":"plain","computed":true},"tag_pattern":{"type":"string","description":"Optional pattern to filter tags with","description_kind":"plain","optional":true},"url":{"type":"string","description":"Optional url of the environment","description_kind":"plain","optional":true}},"block_types":{"basic_lambda_config":{"nesting_mode":"list","block":{"attributes":{"artifact_bucket":{"type":"string","description":"S3 Artifact Bucket","description_kind":"plain","optional":true},"aws_profile_id":{"type":"string","description":"AWS Profile ID","description_kind":"plain","required":true},"function_name":{"type":"string","description":"Name of the AWS Lambda function","description_kind":"plain","required":true},"image":{"type":"string","description":"Container Image Name (without tag)","description_kind":"plain","optional":true},"region":{"type":"string","description":"Region this lambda function resides in","description_kind":"plain","required":true}},"description":"Lambda Deployment Configuration","description_kind":"plain"},"max_items":1},"codebuild_config":{"nesting_mode":"list","block":{"attributes":{"aws_profile_id":{"type":"string","description":"AWS Profile ID","description_kind":"plain","required":true},"project_name":{"type":"string","description":"Name of the Codebuild project","description_kind":"plain","required":true},"region":{"type":"string","description":"Region this lambda function resides in","description_kind":"plain","required":true},"specify_source_version":{"type":"bool","description":"If true, sets the source version as the CodeBuild artifact name.","description_kind":"plain","optional":true},"timeout":{"type":"number","description":"Time (in minutes) after which builds will be stopped if not completed","description_kind":"plain","optional":true}},"description":"CodeBuild Deployment Configuration","description_kind":"plain"},"max_items":1},"ecs_config":{"nesting_mode":"list","block":{"attributes":{"cluster_id":{"type":"string","description":"ID of the ECS cluster the service belongs to","description_kind":"plain","required":true},"image":{"type":"string","description":"Docker image used by the ECS service (without a tag)","description_kind":"plain","required":true},"service":{"type":"string","description":"Name of the ECS service","description_kind":"plain","required":true},"timeout":{"type":"number","description":"Time (in minutes) after which deployments will be canceled if not completed","description_kind":"plain","optional":true}},"description":"ECS Service Deployment Configuration","description_kind":"plain"},"max_items":1},"ecs_scheduled_config":{"nesting_mode":"list","block":{"attributes":{"aws_profile_id":{"type":"string","description":"AWS Profile ID","description_kind":"plain","required":true},"image":{"type":"string","description":"Docker image used by the ECS task (without a tag)","description_kind":"plain","required":true},"region":{"type":"string","description":"Region this lambda function resides in","description_kind":"plain","required":true},"task_family":{"type":"string","description":"Task Definition Family","description_kind":"plain","required":true}},"description":"ECS Scheduled Task Deployment Configuration","description_kind":"plain"},"max_items":1},"s3_config":{"nesting_mode":"list","block":{"attributes":{"artifact_bucket":{"type":"string","description":"S3 Artifact Bucket","description_kind":"plain","required":true},"aws_profile_id":{"type":"string","description":"AWS Profile ID","description_kind":"plain","required":true},"delete_old_files":{"type":"bool","description":"If true, old files will be deleted from deploy_bucket after deployment","description_kind":"plain","optional":true},"deploy_bucket":{"type":"string","description":"S3 Deployment Bucket","description_kind":"plain","required":true},"distribution_id":{"type":["set","string"],"description":"List of Cloudfront Distribution Ids to clear after deployment","description_kind":"plain","optional":true},"region":{"type":"string","description":"Region this lambda function resides in","description_kind":"plain","required":true}},"description":"S3 Deployment Configuration","description_kind":"plain"},"max_items":1}},"description_kind":"plain"}},"shield_project":{"version":0,"block":{"attributes":{"archive_on_delete":{"type":"bool","description":"If true, the project will be archived instead of deleted","description_kind":"plain","optional":true},"description":{"type":"string","description":"Description for the project","description_kind":"plain","required":true},"id":{"type":"string","description_kind":"plain","optional":true,"computed":true},"name":{"type":"string","description":"Name of the Shield Project","description_kind":"plain","required":true},"repository":{"type":"string","description":"Repository of the Shield Project","description_kind":"plain","required":true},"slug":{"type":"string","description":"Slug of the project","description_kind":"plain","computed":true}},"description_kind":"plain"}}},"data_source_schemas":{"shield_aws_profile":{"version":0,"block":{"attributes":{"ecs_clusters":{"type":["set",["object",{"id":"string","name":"string","region":"string"}]],"description":"List of clusters linked to the AWS profile","description_kind":"plain","computed":true},"id":{"type":"string","description_kind":"plain","optional":true,"computed":true},"name":{"type":"string","description":"Name of the AWS Profile","description_kind":"plain","required":true},"role_arn":{"type":"string","description":"IAM Role used by the AWS Profile to access an AWS account","description_kind":"plain","computed":true}},"description_kind":"plain"}},"shield_ecs_cluster":{"version":0,"block":{"attributes":{"aws_profile_id":{"type":"string","description":"AWS Profile ID","description_kind":"plain","required":true},"id":{"type":"string","description_kind":"plain","optional":true,"computed":true},"name":{"type":"string","description":"Name of the ECS cluster","description_kind":"plain","required":true},"region":{"type":"string","description":"Region of the ECS cluster","description_kind":"plain","optional":true,"computed":true}},"description_kind":"plain"}},"shield_project":{"version":0,"block":{"attributes":{"description":{"type":"string","description":"Project Description","description_kind":"plain","computed":true},"id":{"type":"string","description_kind":"plain","optional":true,"computed":true},"name":{"type":"string","description":"Project Name","description_kind":"plain","optional":true,"computed":true},"repository":{"type":"string","description":"Project Repository","description_kind":"plain","optional":true,"computed":true},"slug":{"type":"string","description":"Project Slug","description_kind":"plain","computed":true}},"description_kind":"plain"}}}}}}
