{"format_version":"0.2","provider_schemas":{"registry.terraform.io/refaktory/minio":{"provider":{"version":0,"block":{"attributes":{"access_key":{"type":"string","description":"The access key (username).\nShould be the minio root user or a user with sufficient permissions.","description_kind":"markdown","required":true,"sensitive":true},"endpoint":{"type":"string","description":"The Minio server domain.\nMust not include http[s]://!\nEg: my-minio.domain.com","description_kind":"markdown","required":true},"secret_key":{"type":"string","description":"The secret key (password).\nShould be the minio root user or a user with sufficient permissions.","description_kind":"markdown","required":true,"sensitive":true},"ssl":{"type":"bool","description":"If true, https:// will be used.","description_kind":"markdown","optional":true}},"description_kind":"plain"}},"resource_schemas":{"minio_bucket":{"version":0,"block":{"attributes":{"id":{"type":"string","description_kind":"plain","optional":true,"computed":true},"name":{"type":"string","description":"The name of the bucket. Can not be changed without recreating.","description_kind":"markdown","required":true},"versioning_enabled":{"type":"bool","description":"Enables versioning. Note: this is only available if the Minio server is run with erasure codes enabled. See https://docs.min.io/docs/minio-erasure-code-quickstart-guide","description_kind":"markdown","optional":true}},"description_kind":"plain"}},"minio_canned_policy":{"version":0,"block":{"attributes":{"id":{"type":"string","description_kind":"plain","optional":true,"computed":true},"name":{"type":"string","description":"The name for this policy. This is also the unique ID.","description_kind":"markdown","required":true},"policy":{"type":"string","description":"The policy definition as a map - will be encoded as JSON. See https://docs.min.io/docs/minio-multi-user-quickstart-guide.html for an example.","description_kind":"markdown","required":true}},"description_kind":"plain"}},"minio_group":{"version":0,"block":{"attributes":{"id":{"type":"string","description_kind":"plain","optional":true,"computed":true},"name":{"type":"string","description":"The name for the group.","description_kind":"markdown","required":true},"policies":{"type":["list","string"],"description":"The policies assigned to this group.","description_kind":"markdown","optional":true}},"description_kind":"plain"}},"minio_user":{"version":0,"block":{"attributes":{"access_key":{"type":"string","description":"The access key for the user. This is also the unique ID.","description_kind":"markdown","required":true},"groups":{"type":["list","string"],"description":"The names of the groups this user belongs to.","description_kind":"markdown","optional":true},"id":{"type":"string","description_kind":"plain","optional":true,"computed":true},"policies":{"type":["list","string"],"description":"The names of the canned policies valid for this user.","description_kind":"markdown","optional":true},"secret_key":{"type":"string","description":"The secret key for the user.","description_kind":"markdown","required":true,"sensitive":true}},"description_kind":"plain"}}},"data_source_schemas":{"minio_bucket":{"version":0,"block":{"attributes":{"id":{"type":"string","description_kind":"plain","optional":true,"computed":true},"name":{"type":"string","description":"The name of the bucket. Can not be changed without recreating.","description_kind":"markdown","required":true},"versioning_enabled":{"type":"bool","description":"Enables versioning. Note: this is only available if the Minio server is run with erasure codes enabled. See https://docs.min.io/docs/minio-erasure-code-quickstart-guide","description_kind":"markdown","optional":true}},"description_kind":"plain"}},"minio_canned_policy":{"version":0,"block":{"attributes":{"id":{"type":"string","description_kind":"plain","optional":true,"computed":true},"name":{"type":"string","description":"The name for this policy. This is also the unique ID.","description_kind":"markdown","required":true},"policy":{"type":"string","description":"The policy definition as a map - will be encoded as JSON. See https://docs.min.io/docs/minio-multi-user-quickstart-guide.html for an example.","description_kind":"markdown","optional":true}},"description_kind":"plain"}},"minio_group":{"version":0,"block":{"attributes":{"id":{"type":"string","description_kind":"plain","optional":true,"computed":true},"name":{"type":"string","description":"The name for the group.","description_kind":"markdown","required":true},"policies":{"type":["list","string"],"description":"The policies assigned to this group.","description_kind":"markdown","optional":true}},"description_kind":"plain"}},"minio_user":{"version":0,"block":{"attributes":{"access_key":{"type":"string","description":"The access key for the user. This is also the unique ID.","description_kind":"markdown","required":true},"groups":{"type":["list","string"],"description":"The names of the groups this user belongs to.","description_kind":"markdown","optional":true},"id":{"type":"string","description_kind":"plain","optional":true,"computed":true},"policies":{"type":["list","string"],"description":"The names of the canned policies valid for this user.","description_kind":"markdown","optional":true},"secret_key":{"type":"string","description":"The secret key for the user.","description_kind":"markdown","optional":true,"sensitive":true}},"description_kind":"plain"}}}}}}
