{"format_version":"0.2","provider_schemas":{"registry.terraform.io/reinoudk/toggles":{"provider":{"version":0,"block":{"description_kind":"plain"}},"resource_schemas":{"toggles_leapfrog":{"version":0,"block":{"attributes":{"blue":{"type":"bool","description":"A boolean indicating whether the blue output is active (changed last). This is always the inverse of green.","description_kind":"plain","computed":true},"blue_timestamp":{"type":"string","description":"An UTC RFC333 timestamp denoting the last time the blue value was updated.","description_kind":"plain","computed":true},"green":{"type":"bool","description":"A boolean indicating whether the green output is active (changed last). This is always the inverse of blue.","description_kind":"plain","computed":true},"green_timestamp":{"type":"string","description":"An UTC RFC333 timestamp denoting the last time the green value was updated.","description_kind":"plain","computed":true},"id":{"type":"string","description_kind":"plain","optional":true,"computed":true},"trigger":{"type":"string","description":"An arbitrary string value that, when changed, toggles the output.","description_kind":"plain","optional":true}},"description_kind":"plain"}}}}}}
