{"format_version":"0.2","provider_schemas":{"registry.terraform.io/revelsystems/config-service":{"provider":{"version":0,"block":{"attributes":{"base_url":{"type":"string","description_kind":"plain","required":true},"token":{"type":"string","description_kind":"plain","required":true,"sensitive":true}},"description_kind":"plain"}},"resource_schemas":{"configuration":{"version":0,"block":{"attributes":{"attributes_json":{"type":"string","description_kind":"plain","required":true},"client":{"type":"string","description_kind":"plain","required":true},"created_on":{"type":"string","description_kind":"plain","computed":true},"id":{"type":"string","description_kind":"plain","optional":true,"computed":true},"updated_on":{"type":"string","description_kind":"plain","computed":true}},"description_kind":"plain"}}}}}}
