{"format_version":"0.2","provider_schemas":{"registry.terraform.io/rewe-digital/sonarcloud":{"provider":{"version":0,"block":{"attributes":{"organization":{"type":"string","description_kind":"plain","required":true},"token":{"type":"string","description_kind":"plain","required":true,"sensitive":true}},"description_kind":"plain"}},"resource_schemas":{"sonarcloud_user_group":{"version":0,"block":{"attributes":{"description":{"type":"string","description":"Description for the user group","description_kind":"plain","optional":true},"id":{"type":"string","description_kind":"plain","optional":true,"computed":true},"name":{"type":"string","description":"Name of the user group","description_kind":"plain","required":true}},"description":"This resource manages user groups for the organization.","description_kind":"plain"}},"sonarcloud_user_group_member":{"version":0,"block":{"attributes":{"group":{"type":"string","description":"Group name","description_kind":"plain","optional":true},"id":{"type":"string","description_kind":"plain","optional":true,"computed":true},"login":{"type":"string","description":"User login","description_kind":"plain","required":true}},"description_kind":"plain"}},"sonarcloud_user_group_permissions":{"version":0,"block":{"attributes":{"group":{"type":"string","description":"User group to set the permissions for.","description_kind":"plain","required":true},"id":{"type":"string","description_kind":"plain","optional":true,"computed":true},"permissions":{"type":["list","string"],"description":"List of permissions to grant.","description_kind":"plain","required":true},"project":{"type":"string","description":"The key of the project to restrict the permissions to.","description_kind":"plain","optional":true}},"description":"This resource manages the permissions of a user group for the whole organization or a specific project.","description_kind":"plain"}},"sonarcloud_user_token":{"version":0,"block":{"attributes":{"id":{"type":"string","description_kind":"plain","optional":true,"computed":true},"login":{"type":"string","description":"User login","description_kind":"plain","required":true},"name":{"type":"string","description":"Name of the token","description_kind":"plain","required":true},"token":{"type":"string","description":"Value of the token","description_kind":"plain","computed":true,"sensitive":true}},"description_kind":"plain"}}},"data_source_schemas":{"sonarcloud_organization_members":{"version":0,"block":{"attributes":{"id":{"type":"string","description_kind":"plain","optional":true,"computed":true},"users":{"type":["list",["object",{"login":"string"}]],"description":"The users that are a member of this organization.","description_kind":"plain","computed":true}},"description":"Data source that retrieves a list of users of the configured organization.","description_kind":"plain"}},"sonarcloud_user_groups":{"version":0,"block":{"attributes":{"groups":{"type":["list",["object",{"default":"bool","description":"string","id":"number","members_count":"number","name":"string"}]],"description":"The groups of this organization.","description_kind":"plain","computed":true},"id":{"type":"string","description_kind":"plain","optional":true,"computed":true}},"description":"Data source that retrieves a list of user groups for the configured organization.","description_kind":"plain"}}}}}}
