{"format_version":"0.2","provider_schemas":{"registry.terraform.io/rickardgranberg/vaultoperator":{"provider":{"version":0,"block":{"attributes":{"request_headers":{"type":["map","string"],"description_kind":"plain","optional":true},"vault_addr":{"type":"string","description":"Vault instance URL","description_kind":"markdown","optional":true},"vault_url":{"type":"string","description":"Vault instance URL","description_kind":"markdown","deprecated":true,"optional":true}},"description_kind":"plain"}},"resource_schemas":{"vaultoperator_init":{"version":0,"block":{"attributes":{"id":{"type":"string","description_kind":"plain","optional":true,"computed":true},"keys":{"type":["set","string"],"description":"The unseal keys.","description_kind":"markdown","computed":true,"sensitive":true},"keys_base64":{"type":["set","string"],"description":"The unseal keys, base64 encoded.","description_kind":"markdown","computed":true,"sensitive":true},"recovery_shares":{"type":"number","description":"Specifies the number of shares to split the recovery key into.","description_kind":"markdown","optional":true},"recovery_threshold":{"type":"number","description":"Specifies the number of shares required to reconstruct the recovery key.","description_kind":"markdown","optional":true},"root_token":{"type":"string","description":"The Vault Root Token.","description_kind":"markdown","computed":true,"sensitive":true},"secret_shares":{"type":"number","description":"Specifies the number of shares to split the master key into.","description_kind":"markdown","required":true},"secret_threshold":{"type":"number","description":"Specifies the number of shares required to reconstruct the master key.","description_kind":"markdown","required":true}},"description":"Resource for vault operator init","description_kind":"markdown"}}},"data_source_schemas":{"vaultoperator_init":{"version":0,"block":{"attributes":{"id":{"type":"string","description_kind":"plain","optional":true,"computed":true},"initialized":{"type":"bool","description":"The current initialization state of Vault.","description_kind":"markdown","computed":true}},"description":"Resource for vault operator init","description_kind":"markdown"}}}}}}
