{"format_version":"0.2","provider_schemas":{"registry.terraform.io/rickfonggemini/apigw":{"provider":{"version":0,"block":{"attributes":{"apigw_url":{"type":"string","description":"APIGW endpoint to request to.","description_kind":"plain","optional":true},"apikey":{"type":"string","description":"APIKey to login with.","description_kind":"plain","optional":true}},"description_kind":"plain"}},"resource_schemas":{"apigw_auto_scaling_policy":{"version":0,"block":{"attributes":{"description":{"type":"string","description_kind":"plain","optional":true},"id":{"type":"string","description_kind":"plain","optional":true,"computed":true},"meter_name":{"type":"string","description_kind":"plain","required":true},"name":{"type":"string","description_kind":"plain","required":true},"platform":{"type":"string","description_kind":"plain","required":true},"project":{"type":"string","description_kind":"plain","required":true},"scale_max_size":{"type":"number","description_kind":"plain","required":true},"scaledown_threshold":{"type":"number","description_kind":"plain","required":true},"scaleup_threshold":{"type":"number","description_kind":"plain","required":true},"user":{"type":["map","string"],"description_kind":"plain","computed":true}},"block_types":{"timeouts":{"nesting_mode":"single","block":{"attributes":{"delete":{"type":"string","description_kind":"plain","optional":true}},"description_kind":"plain"}}},"description_kind":"plain"}},"apigw_auto_scaling_relation":{"version":0,"block":{"attributes":{"auto_scaling_policy":{"type":"string","description_kind":"plain","required":true},"id":{"type":"string","description_kind":"plain","optional":true,"computed":true},"loadbalancer":{"type":"string","description_kind":"plain","optional":true},"platform":{"type":"string","description_kind":"plain","required":true},"protocol_port":{"type":"number","description_kind":"plain","optional":true},"scaledown_action":{"type":"string","description_kind":"plain","optional":true},"scaleup_action":{"type":"string","description_kind":"plain","optional":true},"server":{"type":"string","description_kind":"plain","required":true},"status":{"type":"string","description_kind":"plain","computed":true},"status_reason":{"type":"string","description_kind":"plain","computed":true}},"block_types":{"timeouts":{"nesting_mode":"single","block":{"attributes":{"create":{"type":"string","description_kind":"plain","optional":true},"delete":{"type":"string","description_kind":"plain","optional":true}},"description_kind":"plain"}}},"description_kind":"plain"}},"apigw_container":{"version":0,"block":{"attributes":{"create_time":{"type":"string","description_kind":"plain","computed":true},"desc":{"type":"string","description_kind":"plain","optional":true},"extra_property":{"type":["map","string"],"description_kind":"plain","optional":true},"id":{"type":"string","description_kind":"plain","optional":true,"computed":true},"name":{"type":"string","description_kind":"plain","required":true},"platform":{"type":"string","description_kind":"plain","required":true},"pod":{"type":["list",["object",{"container":["list",["object",{"image":"string","name":"string","ports":["list",["object",{"name":"string","port":"number","protocol":"string"}]],"volumes":["list",["object",{"mount_path":"string","path":"string","read_only":"bool","type":"string"}]]}]],"flavor":"string","message":"string","name":"string","reason":"string","status":"string"}]],"description_kind":"plain","computed":true},"project":{"type":"string","description_kind":"plain","required":true},"public_ip":{"type":"string","description_kind":"plain","computed":true},"service":{"type":["list",["object",{"name":"string","net_type":"string","ports":["list",["object",{"port":"number","protocol":"string","target_port":"number"}]],"public_ip":["list","string"]}]],"description_kind":"plain","computed":true},"solution":{"type":"string","description_kind":"plain","required":true},"status":{"type":"string","description_kind":"plain","computed":true},"status_reason":{"type":"string","description_kind":"plain","computed":true},"user":{"type":["map","string"],"description_kind":"plain","computed":true}},"block_types":{"timeouts":{"nesting_mode":"single","block":{"attributes":{"create":{"type":"string","description_kind":"plain","optional":true},"delete":{"type":"string","description_kind":"plain","optional":true}},"description_kind":"plain"}}},"description_kind":"plain"}},"apigw_firewall":{"version":0,"block":{"attributes":{"associate_networks":{"type":["list","string"],"description_kind":"plain","optional":true},"create_time":{"type":"string","description_kind":"plain","computed":true},"desc":{"type":"string","description_kind":"plain","optional":true},"id":{"type":"string","description_kind":"plain","optional":true,"computed":true},"name":{"type":"string","description_kind":"plain","required":true},"platform":{"type":"string","description_kind":"plain","required":true},"project":{"type":"string","description_kind":"plain","required":true},"rules":{"type":["list","string"],"description_kind":"plain","optional":true},"status":{"type":"string","description_kind":"plain","computed":true},"status_reason":{"type":"string","description_kind":"plain","computed":true},"user":{"type":["map","string"],"description_kind":"plain","computed":true}},"block_types":{"timeouts":{"nesting_mode":"single","block":{"attributes":{"create":{"type":"string","description_kind":"plain","optional":true},"delete":{"type":"string","description_kind":"plain","optional":true},"update":{"type":"string","description_kind":"plain","optional":true}},"description_kind":"plain"}}},"description_kind":"plain"}},"apigw_firewall_rule":{"version":0,"block":{"attributes":{"action":{"type":"string","description_kind":"plain","optional":true,"computed":true},"create_time":{"type":"string","description_kind":"plain","computed":true},"destination_ip_address":{"type":"string","description_kind":"plain","optional":true},"destination_port":{"type":"string","description_kind":"plain","optional":true},"id":{"type":"string","description_kind":"plain","optional":true,"computed":true},"ip_version":{"type":"number","description_kind":"plain","computed":true},"name":{"type":"string","description_kind":"plain","required":true},"platform":{"type":"string","description_kind":"plain","required":true},"project":{"type":"string","description_kind":"plain","required":true},"protocol":{"type":"string","description_kind":"plain","optional":true},"source_ip_address":{"type":"string","description_kind":"plain","optional":true},"source_port":{"type":"string","description_kind":"plain","optional":true}},"block_types":{"timeouts":{"nesting_mode":"single","block":{"attributes":{"delete":{"type":"string","description_kind":"plain","optional":true}},"description_kind":"plain"}}},"description_kind":"plain"}},"apigw_ike_policy":{"version":0,"block":{"attributes":{"auth_algorithm":{"type":"string","description_kind":"plain","optional":true,"computed":true},"encryption_algorithm":{"type":"string","description_kind":"plain","optional":true,"computed":true},"id":{"type":"string","description_kind":"plain","optional":true,"computed":true},"ike_version":{"type":"string","description_kind":"plain","optional":true,"computed":true},"lifetime":{"type":"number","description_kind":"plain","optional":true,"computed":true},"name":{"type":"string","description_kind":"plain","required":true},"pfs":{"type":"string","description_kind":"plain","optional":true,"computed":true},"platform":{"type":"string","description_kind":"plain","required":true},"project":{"type":"string","description_kind":"plain","required":true},"user":{"type":["map","string"],"description_kind":"plain","computed":true}},"block_types":{"timeouts":{"nesting_mode":"single","block":{"attributes":{"delete":{"type":"string","description_kind":"plain","optional":true}},"description_kind":"plain"}}},"description_kind":"plain"}},"apigw_ipsec_policy":{"version":0,"block":{"attributes":{"auth_algorithm":{"type":"string","description_kind":"plain","optional":true,"computed":true},"encapsulation_mode":{"type":"string","description_kind":"plain","optional":true,"computed":true},"encryption_algorithm":{"type":"string","description_kind":"plain","optional":true,"computed":true},"id":{"type":"string","description_kind":"plain","optional":true,"computed":true},"lifetime":{"type":"number","description_kind":"plain","optional":true,"computed":true},"name":{"type":"string","description_kind":"plain","required":true},"pfs":{"type":"string","description_kind":"plain","optional":true,"computed":true},"platform":{"type":"string","description_kind":"plain","required":true},"project":{"type":"string","description_kind":"plain","required":true},"transform_protocol":{"type":"string","description_kind":"plain","optional":true,"computed":true},"user":{"type":["map","string"],"description_kind":"plain","computed":true}},"block_types":{"timeouts":{"nesting_mode":"single","block":{"attributes":{"delete":{"type":"string","description_kind":"plain","optional":true}},"description_kind":"plain"}}},"description_kind":"plain"}},"apigw_loadbalancer":{"version":0,"block":{"attributes":{"active_connections":{"type":"number","description_kind":"plain","computed":true},"create_time":{"type":"string","description_kind":"plain","computed":true},"desc":{"type":"string","description_kind":"plain","optional":true},"id":{"type":"string","description_kind":"plain","optional":true,"computed":true},"lb_method":{"type":"string","description_kind":"plain","required":true},"name":{"type":"string","description_kind":"plain","required":true},"platform":{"type":"string","description_kind":"plain","required":true},"private_net":{"type":"string","description_kind":"plain","required":true},"protocol":{"type":"string","description_kind":"plain","required":true},"protocol_port":{"type":"number","description_kind":"plain","required":true},"status":{"type":"string","description_kind":"plain","computed":true},"status_reason":{"type":"string","description_kind":"plain","computed":true},"total_connections":{"type":"number","description_kind":"plain","computed":true},"user":{"type":["map","string"],"description_kind":"plain","computed":true},"vip":{"type":"string","description_kind":"plain","computed":true},"waf":{"type":["map","string"],"description_kind":"plain","computed":true}},"block_types":{"members":{"nesting_mode":"list","block":{"attributes":{"ip":{"type":"string","description_kind":"plain","optional":true},"port":{"type":"number","description_kind":"plain","optional":true},"status":{"type":"string","description_kind":"plain","computed":true},"weight":{"type":"number","description_kind":"plain","optional":true}},"description_kind":"plain"}},"monitor":{"nesting_mode":"list","block":{"attributes":{"delay":{"type":"number","description_kind":"plain","optional":true,"computed":true},"expected_codes":{"type":"string","description_kind":"plain","optional":true,"computed":true},"http_method":{"type":"string","description_kind":"plain","optional":true,"computed":true},"max_retries":{"type":"number","description_kind":"plain","optional":true,"computed":true},"monitor_type":{"type":"string","description_kind":"plain","optional":true,"computed":true},"timeout":{"type":"number","description_kind":"plain","optional":true,"computed":true},"url_path":{"type":"string","description_kind":"plain","optional":true,"computed":true}},"description_kind":"plain"},"max_items":1},"timeouts":{"nesting_mode":"single","block":{"attributes":{"create":{"type":"string","description_kind":"plain","optional":true},"delete":{"type":"string","description_kind":"plain","optional":true},"update":{"type":"string","description_kind":"plain","optional":true}},"description_kind":"plain"}}},"description_kind":"plain"}},"apigw_network":{"version":0,"block":{"attributes":{"cidr":{"type":"string","description_kind":"plain","required":true},"create_time":{"type":"string","description_kind":"plain","computed":true},"dns_domain":{"type":"string","description_kind":"plain","optional":true},"ext_net":{"type":"string","description_kind":"plain","computed":true},"firewall":{"type":["map","string"],"description_kind":"plain","computed":true},"gateway":{"type":"string","description_kind":"plain","required":true},"id":{"type":"string","description_kind":"plain","optional":true,"computed":true},"ip_version":{"type":"number","description_kind":"plain","computed":true},"name":{"type":"string","description_kind":"plain","required":true},"nameservers":{"type":["list","string"],"description_kind":"plain","optional":true,"computed":true},"platform":{"type":"string","description_kind":"plain","required":true},"project":{"type":"string","description_kind":"plain","required":true},"status":{"type":"string","description_kind":"plain","computed":true},"status_reason":{"type":"string","description_kind":"plain","computed":true},"user":{"type":["map","string"],"description_kind":"plain","computed":true},"with_router":{"type":"bool","description_kind":"plain","optional":true,"computed":true}},"block_types":{"timeouts":{"nesting_mode":"single","block":{"attributes":{"create":{"type":"string","description_kind":"plain","optional":true},"delete":{"type":"string","description_kind":"plain","optional":true}},"description_kind":"plain"}}},"description_kind":"plain"}},"apigw_s3_key":{"version":0,"block":{"attributes":{"access_key":{"type":"string","description_kind":"plain","computed":true},"id":{"type":"string","description_kind":"plain","optional":true,"computed":true},"name":{"type":"string","description_kind":"plain","required":true},"platform":{"type":"string","description_kind":"plain","required":true},"project":{"type":"string","description_kind":"plain","required":true},"secret_key":{"type":"string","description_kind":"plain","computed":true}},"description_kind":"plain"}},"apigw_security_group_rule":{"version":0,"block":{"attributes":{"direction":{"type":"string","description_kind":"plain","optional":true},"ethertype":{"type":"string","description_kind":"plain","computed":true},"id":{"type":"string","description_kind":"plain","optional":true,"computed":true},"platform":{"type":"string","description_kind":"plain","required":true},"port_range_max":{"type":"number","description_kind":"plain","optional":true},"port_range_min":{"type":"number","description_kind":"plain","optional":true},"project":{"type":"string","description_kind":"plain","required":true},"protocol":{"type":"string","description_kind":"plain","optional":true},"remote_ip_prefix":{"type":"string","description_kind":"plain","optional":true},"security_group":{"type":"string","description_kind":"plain","required":true}},"description_kind":"plain"}},"apigw_vcs":{"version":0,"block":{"attributes":{"create_time":{"type":"string","description_kind":"plain","computed":true},"desc":{"type":"string","description_kind":"plain","optional":true},"extra_property":{"type":["map","string"],"description_kind":"plain","optional":true},"id":{"type":"string","description_kind":"plain","optional":true,"computed":true},"name":{"type":"string","description_kind":"plain","required":true},"platform":{"type":"string","description_kind":"plain","required":true},"project":{"type":"string","description_kind":"plain","required":true},"public_ip":{"type":"string","description_kind":"plain","computed":true},"servers":{"type":["list",["object",{"flavor_id":"string","hostname":"string","id":"string","status":"string"}]],"description_kind":"plain","computed":true},"solution":{"type":"string","description_kind":"plain","required":true},"status":{"type":"string","description_kind":"plain","computed":true},"status_reason":{"type":"string","description_kind":"plain","computed":true},"user":{"type":["map","string"],"description_kind":"plain","computed":true}},"block_types":{"timeouts":{"nesting_mode":"single","block":{"attributes":{"create":{"type":"string","description_kind":"plain","optional":true},"delete":{"type":"string","description_kind":"plain","optional":true}},"description_kind":"plain"}}},"description_kind":"plain"}},"apigw_vcs_image":{"version":0,"block":{"attributes":{"create_time":{"type":"string","description_kind":"plain","computed":true},"desc":{"type":"string","description_kind":"plain","optional":true},"id":{"type":"string","description_kind":"plain","optional":true,"computed":true},"is_enabled":{"type":"bool","description_kind":"plain","computed":true},"is_public":{"type":"bool","description_kind":"plain","computed":true},"name":{"type":"string","description_kind":"plain","required":true},"os":{"type":"string","description_kind":"plain","required":true},"os_version":{"type":"string","description_kind":"plain","required":true},"platform":{"type":"string","description_kind":"plain","required":true},"ref_img_id":{"type":"string","description_kind":"plain","computed":true},"server":{"type":"string","description_kind":"plain","required":true},"status":{"type":"string","description_kind":"plain","computed":true},"status_reason":{"type":"string","description_kind":"plain","computed":true}},"block_types":{"timeouts":{"nesting_mode":"single","block":{"attributes":{"create":{"type":"string","description_kind":"plain","optional":true},"delete":{"type":"string","description_kind":"plain","optional":true}},"description_kind":"plain"}}},"description_kind":"plain"}},"apigw_volume":{"version":0,"block":{"attributes":{"attached_host":{"type":["map","string"],"description_kind":"plain","computed":true},"create_time":{"type":"string","description_kind":"plain","computed":true},"desc":{"type":"string","description_kind":"plain","optional":true},"id":{"type":"string","description_kind":"plain","optional":true,"computed":true},"is_attached":{"type":"bool","description_kind":"plain","computed":true},"is_bootable":{"type":"bool","description_kind":"plain","computed":true},"is_public":{"type":"bool","description_kind":"plain","computed":true},"mountpoint":{"type":["list","string"],"description_kind":"plain","computed":true},"name":{"type":"string","description_kind":"plain","required":true},"platform":{"type":"string","description_kind":"plain","required":true},"project":{"type":"string","description_kind":"plain","optional":true,"computed":true},"size":{"type":"number","description_kind":"plain","optional":true,"computed":true},"snapshot_list":{"type":["list","string"],"description_kind":"plain","computed":true},"src_snapshot":{"type":"string","description_kind":"plain","optional":true,"computed":true},"status":{"type":"string","description_kind":"plain","computed":true},"status_reason":{"type":"string","description_kind":"plain","computed":true},"user":{"type":["map","string"],"description_kind":"plain","computed":true},"volume_type":{"type":"string","description_kind":"plain","optional":true,"computed":true},"volume_uuid":{"type":"string","description_kind":"plain","computed":true}},"block_types":{"timeouts":{"nesting_mode":"single","block":{"attributes":{"create":{"type":"string","description_kind":"plain","optional":true},"delete":{"type":"string","description_kind":"plain","optional":true},"update":{"type":"string","description_kind":"plain","optional":true}},"description_kind":"plain"}}},"description_kind":"plain"}},"apigw_volume_attachment":{"version":0,"block":{"attributes":{"id":{"type":"string","description_kind":"plain","optional":true,"computed":true},"mountpoint":{"type":"string","description_kind":"plain","optional":true,"computed":true},"platform":{"type":"string","description_kind":"plain","required":true},"server":{"type":"string","description_kind":"plain","required":true},"volume":{"type":"string","description_kind":"plain","required":true}},"block_types":{"timeouts":{"nesting_mode":"single","block":{"attributes":{"create":{"type":"string","description_kind":"plain","optional":true},"delete":{"type":"string","description_kind":"plain","optional":true}},"description_kind":"plain"}}},"description_kind":"plain"}},"apigw_volume_snapshot":{"version":0,"block":{"attributes":{"create_time":{"type":"string","description_kind":"plain","computed":true},"desc":{"type":"string","description_kind":"plain","optional":true},"id":{"type":"string","description_kind":"plain","optional":true,"computed":true},"name":{"type":"string","description_kind":"plain","required":true},"platform":{"type":"string","description_kind":"plain","required":true},"restore_volume":{"type":"string","description_kind":"plain","computed":true},"snapshot_uuid":{"type":"string","description_kind":"plain","computed":true},"status":{"type":"string","description_kind":"plain","computed":true},"status_reason":{"type":"string","description_kind":"plain","computed":true},"user":{"type":["map","string"],"description_kind":"plain","computed":true},"volume":{"type":"string","description_kind":"plain","required":true}},"block_types":{"timeouts":{"nesting_mode":"single","block":{"attributes":{"create":{"type":"string","description_kind":"plain","optional":true},"delete":{"type":"string","description_kind":"plain","optional":true}},"description_kind":"plain"}}},"description_kind":"plain"}},"apigw_vpn":{"version":0,"block":{"attributes":{"id":{"type":"string","description_kind":"plain","optional":true,"computed":true},"ike_policy":{"type":"string","description_kind":"plain","required":true},"ipsec_policy":{"type":"string","description_kind":"plain","required":true},"local_address":{"type":"string","description_kind":"plain","computed":true},"local_cidr":{"type":"string","description_kind":"plain","computed":true},"name":{"type":"string","description_kind":"plain","required":true},"platform":{"type":"string","description_kind":"plain","required":true},"private_network":{"type":"string","description_kind":"plain","required":true},"status":{"type":"string","description_kind":"plain","computed":true},"user":{"type":["map","string"],"description_kind":"plain","computed":true}},"block_types":{"timeouts":{"nesting_mode":"single","block":{"attributes":{"delete":{"type":"string","description_kind":"plain","optional":true}},"description_kind":"plain"}}},"description_kind":"plain"}},"apigw_vpn_connection":{"version":0,"block":{"attributes":{"dpd_action":{"type":"string","description_kind":"plain","optional":true},"dpd_interval":{"type":"number","description_kind":"plain","optional":true},"dpd_timeout":{"type":"number","description_kind":"plain","optional":true},"id":{"type":"string","description_kind":"plain","optional":true,"computed":true},"initiator":{"type":"string","description_kind":"plain","optional":true},"mtu":{"type":"number","description_kind":"plain","optional":true},"peer_address":{"type":"string","description_kind":"plain","required":true},"peer_cidrs":{"type":["list","string"],"description_kind":"plain","required":true},"peer_id":{"type":"string","description_kind":"plain","computed":true},"platform":{"type":"string","description_kind":"plain","required":true},"psk":{"type":"string","description_kind":"plain","required":true},"status":{"type":"string","description_kind":"plain","computed":true},"vpn":{"type":"string","description_kind":"plain","required":true}},"block_types":{"timeouts":{"nesting_mode":"single","block":{"attributes":{"delete":{"type":"string","description_kind":"plain","optional":true}},"description_kind":"plain"}}},"description_kind":"plain"}},"apigw_waf":{"version":0,"block":{"attributes":{"create_time":{"type":"string","description_kind":"plain","computed":true},"desc":{"type":"string","description_kind":"plain","optional":true},"extra_property":{"type":["map","string"],"description_kind":"plain","optional":true},"id":{"type":"string","description_kind":"plain","optional":true,"computed":true},"name":{"type":"string","description_kind":"plain","required":true},"platform":{"type":"string","description_kind":"plain","required":true},"project":{"type":"string","description_kind":"plain","required":true},"public_ip":{"type":"string","description_kind":"plain","computed":true},"servers":{"type":["list",["object",{"flavor_id":"string","hostname":"string","id":"string","status":"string"}]],"description_kind":"plain","computed":true},"solution":{"type":"string","description_kind":"plain","required":true},"status":{"type":"string","description_kind":"plain","computed":true},"status_reason":{"type":"string","description_kind":"plain","computed":true},"user":{"type":["map","string"],"description_kind":"plain","computed":true}},"block_types":{"timeouts":{"nesting_mode":"single","block":{"attributes":{"create":{"type":"string","description_kind":"plain","optional":true},"delete":{"type":"string","description_kind":"plain","optional":true}},"description_kind":"plain"}}},"description_kind":"plain"}}},"data_source_schemas":{"apigw_auto_scaling_policy":{"version":0,"block":{"attributes":{"description":{"type":"string","description_kind":"plain","computed":true},"id":{"type":"string","description_kind":"plain","optional":true,"computed":true},"meter_name":{"type":"string","description_kind":"plain","computed":true},"name":{"type":"string","description_kind":"plain","required":true},"platform":{"type":"string","description_kind":"plain","required":true},"project":{"type":"string","description_kind":"plain","required":true},"scale_max_size":{"type":"number","description_kind":"plain","computed":true},"scaledown_threshold":{"type":"number","description_kind":"plain","computed":true},"scaleup_threshold":{"type":"number","description_kind":"plain","computed":true},"user":{"type":["map","string"],"description_kind":"plain","computed":true}},"description_kind":"plain"}},"apigw_container":{"version":0,"block":{"attributes":{"create_time":{"type":"string","description_kind":"plain","computed":true},"id":{"type":"string","description_kind":"plain","optional":true,"computed":true},"name":{"type":"string","description_kind":"plain","required":true},"platform":{"type":"string","description_kind":"plain","required":true},"pod":{"type":["list",["object",{"container":["list",["object",{"image":"string","name":"string","ports":["list",["object",{"name":"string","port":"number","protocol":"string"}]],"volumes":["list",["object",{"mount_path":"string","path":"string","read_only":"bool","type":"string"}]]}]],"flavor":"string","message":"string","name":"string","reason":"string","status":"string"}]],"description_kind":"plain","computed":true},"project":{"type":"string","description_kind":"plain","required":true},"public_ip":{"type":"string","description_kind":"plain","computed":true},"service":{"type":["list",["object",{"name":"string","net_type":"string","ports":["list",["object",{"port":"number","protocol":"string","target_port":"number"}]],"public_ip":["list","string"]}]],"description_kind":"plain","computed":true},"solution":{"type":"string","description_kind":"plain","computed":true},"status":{"type":"string","description_kind":"plain","computed":true},"user":{"type":["map","string"],"description_kind":"plain","computed":true}},"description_kind":"plain"}},"apigw_extra_property":{"version":0,"block":{"attributes":{"extra_property":{"type":"string","description_kind":"plain","computed":true},"id":{"type":"string","description_kind":"plain","optional":true,"computed":true},"platform":{"type":"string","description_kind":"plain","optional":true},"project":{"type":"string","description_kind":"plain","required":true},"solution":{"type":"string","description_kind":"plain","optional":true}},"description_kind":"plain"}},"apigw_firewall":{"version":0,"block":{"attributes":{"desc":{"type":"string","description_kind":"plain","computed":true},"id":{"type":"string","description_kind":"plain","optional":true,"computed":true},"name":{"type":"string","description_kind":"plain","required":true},"platform":{"type":"string","description_kind":"plain","required":true},"project":{"type":"string","description_kind":"plain","required":true},"status":{"type":"string","description_kind":"plain","computed":true},"user":{"type":["map","string"],"description_kind":"plain","computed":true}},"description_kind":"plain"}},"apigw_firewall_rule":{"version":0,"block":{"attributes":{"action":{"type":"string","description_kind":"plain","computed":true},"destination_ip_address":{"type":"string","description_kind":"plain","computed":true},"destination_port":{"type":"string","description_kind":"plain","computed":true},"id":{"type":"string","description_kind":"plain","optional":true,"computed":true},"ip_version":{"type":"number","description_kind":"plain","computed":true},"name":{"type":"string","description_kind":"plain","required":true},"platform":{"type":"string","description_kind":"plain","required":true},"project":{"type":"string","description_kind":"plain","required":true},"protocol":{"type":"string","description_kind":"plain","computed":true},"source_ip_address":{"type":"string","description_kind":"plain","computed":true},"source_port":{"type":"string","description_kind":"plain","computed":true},"user":{"type":["map","string"],"description_kind":"plain","computed":true}},"description_kind":"plain"}},"apigw_ike_policy":{"version":0,"block":{"attributes":{"auth_algorithm":{"type":"string","description_kind":"plain","computed":true},"encryption_algorithm":{"type":"string","description_kind":"plain","computed":true},"id":{"type":"string","description_kind":"plain","optional":true,"computed":true},"ike_version":{"type":"string","description_kind":"plain","computed":true},"lifetime":{"type":"number","description_kind":"plain","computed":true},"name":{"type":"string","description_kind":"plain","required":true},"pfs":{"type":"string","description_kind":"plain","computed":true},"platform":{"type":"string","description_kind":"plain","required":true},"project":{"type":"string","description_kind":"plain","required":true},"user":{"type":["map","string"],"description_kind":"plain","computed":true}},"description_kind":"plain"}},"apigw_ipsec_policy":{"version":0,"block":{"attributes":{"auth_algorithm":{"type":"string","description_kind":"plain","computed":true},"encapsulation_mode":{"type":"string","description_kind":"plain","computed":true},"encryption_algorithm":{"type":"string","description_kind":"plain","computed":true},"id":{"type":"string","description_kind":"plain","optional":true,"computed":true},"lifetime":{"type":"number","description_kind":"plain","computed":true},"name":{"type":"string","description_kind":"plain","required":true},"pfs":{"type":"string","description_kind":"plain","computed":true},"platform":{"type":"string","description_kind":"plain","required":true},"project":{"type":"string","description_kind":"plain","required":true},"transform_protocol":{"type":"string","description_kind":"plain","computed":true},"user":{"type":["map","string"],"description_kind":"plain","computed":true}},"description_kind":"plain"}},"apigw_loadbalancer":{"version":0,"block":{"attributes":{"create_time":{"type":"string","description_kind":"plain","computed":true},"desc":{"type":"string","description_kind":"plain","computed":true},"id":{"type":"string","description_kind":"plain","optional":true,"computed":true},"lb_method":{"type":"string","description_kind":"plain","computed":true},"name":{"type":"string","description_kind":"plain","required":true},"platform":{"type":"string","description_kind":"plain","required":true},"private_net":{"type":"string","description_kind":"plain","optional":true},"project":{"type":"string","description_kind":"plain","optional":true},"protocol":{"type":"string","description_kind":"plain","computed":true},"protocol_port":{"type":"number","description_kind":"plain","computed":true},"status":{"type":"string","description_kind":"plain","computed":true},"user":{"type":["map","string"],"description_kind":"plain","computed":true}},"description_kind":"plain"}},"apigw_network":{"version":0,"block":{"attributes":{"cidr":{"type":"string","description_kind":"plain","computed":true},"create_time":{"type":"string","description_kind":"plain","computed":true},"dns_domain":{"type":"string","description_kind":"plain","computed":true},"ext_net":{"type":"string","description_kind":"plain","computed":true},"gateway":{"type":"string","description_kind":"plain","computed":true},"id":{"type":"string","description_kind":"plain","optional":true,"computed":true},"ip_version":{"type":"number","description_kind":"plain","computed":true},"name":{"type":"string","description_kind":"plain","required":true},"nameservers":{"type":["list","string"],"description_kind":"plain","computed":true},"platform":{"type":"string","description_kind":"plain","required":true},"project":{"type":"string","description_kind":"plain","required":true},"status":{"type":"string","description_kind":"plain","computed":true},"user":{"type":["map","string"],"description_kind":"plain","computed":true},"with_router":{"type":"bool","description_kind":"plain","optional":true}},"description_kind":"plain"}},"apigw_project":{"version":0,"block":{"attributes":{"id":{"type":"string","description_kind":"plain","optional":true,"computed":true},"name":{"type":"string","description_kind":"plain","required":true},"platform":{"type":"string","description_kind":"plain","required":true}},"description_kind":"plain"}},"apigw_s3_key":{"version":0,"block":{"attributes":{"access_key":{"type":"string","description_kind":"plain","computed":true},"id":{"type":"string","description_kind":"plain","optional":true,"computed":true},"is_public":{"type":"bool","description_kind":"plain","computed":true},"name":{"type":"string","description_kind":"plain","optional":true},"platform":{"type":"string","description_kind":"plain","required":true},"project":{"type":"string","description_kind":"plain","required":true},"secret_key":{"type":"string","description_kind":"plain","computed":true}},"description_kind":"plain"}},"apigw_security_group":{"version":0,"block":{"attributes":{"id":{"type":"string","description_kind":"plain","optional":true,"computed":true},"name":{"type":"string","description_kind":"plain","computed":true},"platform":{"type":"string","description_kind":"plain","required":true},"security_group_rules":{"type":["list",["object",{"direction":"string","ethertype":"string","id":"string","port_range_max":"number","port_range_min":"number","protocol":"string","remote_ip_prefix":"string"}]],"description_kind":"plain","computed":true},"vcs":{"type":"string","description_kind":"plain","required":true}},"description_kind":"plain"}},"apigw_solution":{"version":0,"block":{"attributes":{"category":{"type":"string","description_kind":"plain","optional":true},"create_time":{"type":"string","description_kind":"plain","computed":true},"desc":{"type":"string","description_kind":"plain","computed":true},"id":{"type":"string","description_kind":"plain","optional":true,"computed":true},"is_public":{"type":"bool","description_kind":"plain","computed":true},"is_tenant_admin_only":{"type":"bool","description_kind":"plain","computed":true},"name":{"type":"string","description_kind":"plain","required":true},"project":{"type":"string","description_kind":"plain","required":true}},"description_kind":"plain"}},"apigw_vcs":{"version":0,"block":{"attributes":{"create_time":{"type":"string","description_kind":"plain","computed":true},"id":{"type":"string","description_kind":"plain","optional":true,"computed":true},"name":{"type":"string","description_kind":"plain","required":true},"platform":{"type":"string","description_kind":"plain","required":true},"project":{"type":"string","description_kind":"plain","required":true},"public_ip":{"type":"string","description_kind":"plain","computed":true},"servers":{"type":["list",["object",{"flavor_id":"string","hostname":"string","id":"string","status":"string"}]],"description_kind":"plain","computed":true},"solution":{"type":"string","description_kind":"plain","computed":true},"status":{"type":"string","description_kind":"plain","computed":true},"user":{"type":["map","string"],"description_kind":"plain","computed":true}},"description_kind":"plain"}},"apigw_volume":{"version":0,"block":{"attributes":{"attached_host":{"type":["map","string"],"description_kind":"plain","computed":true},"create_time":{"type":"string","description_kind":"plain","computed":true},"id":{"type":"string","description_kind":"plain","optional":true,"computed":true},"is_attached":{"type":"bool","description_kind":"plain","computed":true},"is_bootable":{"type":"bool","description_kind":"plain","computed":true},"mountpoint":{"type":["list","string"],"description_kind":"plain","computed":true},"name":{"type":"string","description_kind":"plain","optional":true},"platform":{"type":"string","description_kind":"plain","required":true},"project":{"type":"string","description_kind":"plain","optional":true},"size":{"type":"number","description_kind":"plain","computed":true},"status":{"type":"string","description_kind":"plain","computed":true},"user":{"type":["map","string"],"description_kind":"plain","computed":true},"vcs":{"type":"string","description_kind":"plain","optional":true},"volume_type":{"type":"string","description_kind":"plain","computed":true}},"description_kind":"plain"}},"apigw_volume_snapshot":{"version":0,"block":{"attributes":{"create_time":{"type":"string","description_kind":"plain","computed":true},"desc":{"type":"string","description_kind":"plain","computed":true},"id":{"type":"string","description_kind":"plain","optional":true,"computed":true},"name":{"type":"string","description_kind":"plain","required":true},"platform":{"type":"string","description_kind":"plain","required":true},"project":{"type":"string","description_kind":"plain","optional":true},"status":{"type":"string","description_kind":"plain","computed":true},"user":{"type":["map","string"],"description_kind":"plain","computed":true},"volume":{"type":"string","description_kind":"plain","computed":true}},"description_kind":"plain"}},"apigw_vpn":{"version":0,"block":{"attributes":{"id":{"type":"string","description_kind":"plain","optional":true,"computed":true},"ike_policy":{"type":"string","description_kind":"plain","optional":true,"computed":true},"ipsec_policy":{"type":"string","description_kind":"plain","optional":true,"computed":true},"local_address":{"type":"string","description_kind":"plain","computed":true},"local_cidr":{"type":"string","description_kind":"plain","computed":true},"name":{"type":"string","description_kind":"plain","required":true},"platform":{"type":"string","description_kind":"plain","required":true},"private_network":{"type":"string","description_kind":"plain","optional":true,"computed":true},"project":{"type":"string","description_kind":"plain","optional":true,"computed":true},"status":{"type":"string","description_kind":"plain","computed":true},"user":{"type":["map","string"],"description_kind":"plain","computed":true},"vpn_connection":{"type":["list",["object",{"dpd_action":"string","dpd_interval":"number","dpd_timeout":"number","initiator":"string","mtu":"number","peer_address":"string","peer_cidrs":["list","string"],"peer_id":"string","status":"string"}]],"description_kind":"plain","computed":true}},"description_kind":"plain"}},"apigw_waf":{"version":0,"block":{"attributes":{"create_time":{"type":"string","description_kind":"plain","computed":true},"id":{"type":"string","description_kind":"plain","optional":true,"computed":true},"name":{"type":"string","description_kind":"plain","required":true},"platform":{"type":"string","description_kind":"plain","required":true},"project":{"type":"string","description_kind":"plain","required":true},"public_ip":{"type":"string","description_kind":"plain","computed":true},"servers":{"type":["list",["object",{"flavor_id":"string","hostname":"string","id":"string","status":"string"}]],"description_kind":"plain","computed":true},"solution":{"type":"string","description_kind":"plain","computed":true},"status":{"type":"string","description_kind":"plain","computed":true},"user":{"type":["map","string"],"description_kind":"plain","computed":true}},"description_kind":"plain"}}}}}}
