{"format_version":"0.2","provider_schemas":{"registry.terraform.io/rienafairefr/gandi":{"provider":{"version":0,"block":{"attributes":{"key":{"type":"string","description":"A Gandi LiveDNS API key","description_kind":"plain","required":true},"sharing_id":{"type":"string","description":"A Gandi LiveDNS sharing_id","description_kind":"plain","optional":true}},"description_kind":"plain"}},"resource_schemas":{"gandi_domainattachment":{"version":0,"block":{"attributes":{"domain":{"type":"string","description_kind":"plain","required":true},"id":{"type":"string","description_kind":"plain","optional":true,"computed":true},"zone":{"type":"string","description_kind":"plain","required":true}},"description_kind":"plain"}},"gandi_zone":{"version":0,"block":{"attributes":{"id":{"type":"string","description_kind":"plain","optional":true,"computed":true},"name":{"type":"string","description_kind":"plain","required":true}},"description_kind":"plain"}},"gandi_zonerecord":{"version":0,"block":{"attributes":{"id":{"type":"string","description_kind":"plain","optional":true,"computed":true},"name":{"type":"string","description_kind":"plain","required":true},"ttl":{"type":"number","description_kind":"plain","required":true},"type":{"type":"string","description_kind":"plain","required":true},"values":{"type":["set","string"],"description_kind":"plain","required":true},"zone":{"type":"string","description_kind":"plain","required":true}},"description_kind":"plain"}}},"data_source_schemas":{"gandi_zone":{"version":0,"block":{"attributes":{"id":{"type":"string","description_kind":"plain","optional":true,"computed":true},"name":{"type":"string","description_kind":"plain","required":true}},"description_kind":"plain"}}}}}}
