{"format_version":"0.2","provider_schemas":{"registry.terraform.io/rincedd/netcup-ccp":{"provider":{"version":0,"block":{"attributes":{"ccp_api_key":{"type":"string","description":"Netcup CCP API key.","description_kind":"markdown","required":true},"ccp_api_password":{"type":"string","description":"Netcup CCP API password.","description_kind":"markdown","required":true,"sensitive":true},"customer_number":{"type":"string","description":"Netcup customer number.","description_kind":"markdown","required":true}},"description_kind":"plain"}},"resource_schemas":{"netcup-ccp_dns_record":{"version":0,"block":{"attributes":{"domain_name":{"type":"string","description_kind":"plain","required":true},"id":{"type":"string","description_kind":"plain","optional":true,"computed":true},"name":{"type":"string","description_kind":"plain","required":true},"priority":{"type":"string","description_kind":"plain","optional":true},"type":{"type":"string","description_kind":"plain","required":true},"value":{"type":"string","description_kind":"plain","required":true}},"description":"DNS record","description_kind":"markdown"}}},"data_source_schemas":{"netcup-ccp_dns_records":{"version":0,"block":{"attributes":{"domain_name":{"type":"string","description_kind":"plain","required":true},"id":{"type":"string","description_kind":"plain","optional":true,"computed":true},"records":{"type":["list",["object",{"id":"string","name":"string","priority":"string","state":"string","type":"string","value":"string"}]],"description_kind":"plain","computed":true}},"description_kind":"plain"}},"netcup-ccp_dns_zone":{"version":0,"block":{"attributes":{"dns_sec_status":{"type":"bool","description_kind":"plain","computed":true},"expire":{"type":"string","description_kind":"plain","computed":true},"id":{"type":"string","description_kind":"plain","optional":true,"computed":true},"name":{"type":"string","description_kind":"plain","required":true},"refresh":{"type":"string","description_kind":"plain","computed":true},"retry":{"type":"string","description_kind":"plain","computed":true},"serial":{"type":"string","description_kind":"plain","computed":true},"ttl":{"type":"string","description_kind":"plain","computed":true}},"description_kind":"plain"}}}}}}
