{"format_version":"0.2","provider_schemas":{"registry.terraform.io/ringanta/buddy":{"provider":{"version":0,"block":{"attributes":{"buddy_url":{"type":"string","description":"The URL to the Buddy workspace","description_kind":"plain","optional":true},"token":{"type":"string","description":"Buddy personal access token","description_kind":"plain","optional":true},"verify_ssl":{"type":"bool","description":"Whether to verify TLS connection to the Buddy URL","description_kind":"plain","optional":true}},"description_kind":"plain"}},"resource_schemas":{"buddy_project_member":{"version":0,"block":{"attributes":{"id":{"type":"string","description_kind":"plain","optional":true,"computed":true},"member_id":{"type":"string","description":"Member ID","description_kind":"plain","required":true},"permission_set_id":{"type":"number","description":"ID of permission set that will be granted to the user","description_kind":"plain","required":true},"project_name":{"type":"string","description":"Project name","description_kind":"plain","required":true}},"description":"`buddy_project_member` manages member on a Buddy project.\n\nMember is granted access to a project using their ID and permission sets ID.","description_kind":"plain"}},"buddy_project_variable":{"version":0,"block":{"attributes":{"description":{"type":"string","description":"Variable description","description_kind":"plain","optional":true},"encrypted":{"type":"bool","description":"Flag to decide whether variable encrypted","description_kind":"plain","optional":true},"id":{"type":"string","description_kind":"plain","optional":true,"computed":true},"key":{"type":"string","description":"Variable name","description_kind":"plain","required":true},"project":{"type":"string","description":"Project name where variable will be created","description_kind":"plain","required":true},"settable":{"type":"bool","description":"Flag to decide whether the variable is settable by pipeline run","description_kind":"plain","optional":true},"ssh_key":{"type":"bool","description":"Flag to decide whether the variable is an SSH key","description_kind":"plain","computed":true},"type":{"type":"string","description":"Variable type. Currently only support VAR","description_kind":"plain","optional":true},"value":{"type":"string","description":"Variable value","description_kind":"plain","required":true,"sensitive":true},"value_hash":{"type":"string","description":"Hash of the encrypted variable value","description_kind":"plain","computed":true}},"description":"`buddy_project_variable` manages variable under the project scope.\n\nProject scoped variable is accessible to all pipelines in the project. Use this variable to store value that needed by multiple pipelines in the same project.","description_kind":"plain"}},"buddy_workspace_member":{"version":0,"block":{"attributes":{"admin":{"type":"bool","description":"Flag to indicate whether member has admin right","description_kind":"plain","optional":true},"email":{"type":"string","description":"Email address to be invited into Buddy workspace","description_kind":"plain","required":true},"id":{"type":"string","description_kind":"plain","optional":true,"computed":true},"name":{"type":"string","description":"Member name","description_kind":"plain","computed":true}},"description":"`buddy_workspace_member` manages member on a Buddy workspace.\n\nA new member can be invited into a workspace using their email address.","description_kind":"plain"}},"buddy_workspace_variable":{"version":0,"block":{"attributes":{"description":{"type":"string","description":"Variable description","description_kind":"plain","optional":true},"encrypted":{"type":"bool","description":"Flag to decide whether variable encrypted","description_kind":"plain","optional":true},"id":{"type":"string","description_kind":"plain","optional":true,"computed":true},"key":{"type":"string","description":"Variable name","description_kind":"plain","required":true},"settable":{"type":"bool","description":"Flag to decide whether the variable is settable by pipeline run","description_kind":"plain","optional":true},"ssh_key":{"type":"bool","description":"Flag to decide whether the variable is an SSH key","description_kind":"plain","computed":true},"type":{"type":"string","description":"Variable type. Currently only support VAR","description_kind":"plain","optional":true},"value":{"type":"string","description":"Variable value","description_kind":"plain","required":true,"sensitive":true},"value_hash":{"type":"string","description":"Hash of the encrypted variable value","description_kind":"plain","computed":true}},"description":"`buddy_workspace_variable` manages variable under the workspace scope.\n\nVariable under the workspace scoped is accessible by all projects under the workspace. Use this variable to store value that is needed across multiple projects.","description_kind":"plain"}}},"data_source_schemas":{"buddy_workspace_member":{"version":0,"block":{"attributes":{"email":{"type":"string","description":"Email address of the member","description_kind":"plain","required":true},"id":{"type":"string","description":"Member ID","description_kind":"plain","computed":true},"name":{"type":"string","description":"Member name","description_kind":"plain","computed":true},"title":{"type":"string","description":"Member title","description_kind":"plain","computed":true}},"description":"`buddy_workspace_member` get information about workspace member","description_kind":"plain"}}}}}}
