{"format_version":"0.2","provider_schemas":{"registry.terraform.io/ringanta/jenkins":{"provider":{"version":0,"block":{"attributes":{"ca_cert":{"type":"string","description":"The path to the Jenkins self-signed certificate.","description_kind":"plain","optional":true},"password":{"type":"string","description":"Password to authenticate to Jenkins. User API Token can be used to replace user password.","description_kind":"plain","required":true},"server_url":{"type":"string","description":"The URL of the Jenkins server to connect to.","description_kind":"plain","required":true},"username":{"type":"string","description":"Username to authenticate to Jenkins.","description_kind":"plain","required":true},"verify_ssl":{"type":"bool","description":"Flag to turn off ssl verification","description_kind":"plain","optional":true}},"description_kind":"plain"}},"resource_schemas":{"jenkins_authorization_global_matrix":{"version":0,"block":{"attributes":{"id":{"type":"string","description_kind":"plain","optional":true,"computed":true},"permissions":{"type":["set","string"],"description":"Global matrix permission set for the local user","description_kind":"plain","required":true},"username":{"type":"string","description":"Username of the Jenkins local user","description_kind":"plain","required":true}},"description_kind":"plain"}},"jenkins_local_user":{"version":0,"block":{"attributes":{"description":{"type":"string","description":"Description of the Jenkins local user","description_kind":"plain","optional":true},"email":{"type":"string","description":"Email address of the Jenkins local user","description_kind":"plain","required":true},"fullname":{"type":"string","description":"Full name of the Jenkins local user","description_kind":"plain","required":true},"id":{"type":"string","description_kind":"plain","optional":true,"computed":true},"password":{"type":"string","description":"Password of the jenkins local user","description_kind":"plain","required":true,"sensitive":true},"password_hash":{"type":"string","description":"Password hash of the jenkins local user","description_kind":"plain","computed":true},"username":{"type":"string","description":"Username of the Jenkins local user","description_kind":"plain","required":true}},"description_kind":"plain"}}},"data_source_schemas":{"jenkins_local_user":{"version":0,"block":{"attributes":{"description":{"type":"string","description":"Description of the Jenkins local user","description_kind":"plain","computed":true},"email":{"type":"string","description":"Email address of the Jenkins local user","description_kind":"plain","computed":true},"fullname":{"type":"string","description":"Full name of the Jenkins local user","description_kind":"plain","computed":true},"id":{"type":"string","description_kind":"plain","optional":true,"computed":true},"password_hash":{"type":"string","description":"Password hash of the jenkins local user","description_kind":"plain","computed":true},"username":{"type":"string","description":"Username of the Jenkins local user","description_kind":"plain","required":true}},"description_kind":"plain"}}}}}}
