{"format_version":"0.2","provider_schemas":{"registry.terraform.io/rjpearson94/twilio":{"provider":{"version":0,"block":{"attributes":{"account_sid":{"type":"string","description":"The Account SID which should be used.","description_kind":"plain","optional":true},"api_key":{"type":"string","description":"The API Key which should be used.","description_kind":"plain","optional":true},"api_secret":{"type":"string","description":"The API Key secret which should be used.","description_kind":"plain","optional":true,"sensitive":true},"auth_token":{"type":"string","description":"The Auth Token which should be used.","description_kind":"plain","optional":true,"sensitive":true}},"description_kind":"plain"}},"resource_schemas":{"twilio_account_address":{"version":0,"block":{"attributes":{"account_sid":{"type":"string","description_kind":"plain","required":true},"city":{"type":"string","description_kind":"plain","required":true},"customer_name":{"type":"string","description_kind":"plain","required":true},"date_created":{"type":"string","description_kind":"plain","computed":true},"date_updated":{"type":"string","description_kind":"plain","computed":true},"emergency_enabled":{"type":"bool","description_kind":"plain","optional":true},"friendly_name":{"type":"string","description_kind":"plain","optional":true},"id":{"type":"string","description_kind":"plain","optional":true,"computed":true},"iso_country":{"type":"string","description_kind":"plain","required":true},"postal_code":{"type":"string","description_kind":"plain","required":true},"region":{"type":"string","description_kind":"plain","required":true},"sid":{"type":"string","description_kind":"plain","computed":true},"street":{"type":"string","description_kind":"plain","required":true},"street_secondary":{"type":"string","description_kind":"plain","optional":true},"validated":{"type":"bool","description_kind":"plain","computed":true},"verified":{"type":"bool","description_kind":"plain","computed":true}},"block_types":{"timeouts":{"nesting_mode":"single","block":{"attributes":{"create":{"type":"string","description_kind":"plain","optional":true},"delete":{"type":"string","description_kind":"plain","optional":true},"read":{"type":"string","description_kind":"plain","optional":true},"update":{"type":"string","description_kind":"plain","optional":true}},"description_kind":"plain"}}},"description_kind":"plain"}},"twilio_account_sub_account":{"version":0,"block":{"attributes":{"auth_token":{"type":"string","description_kind":"plain","computed":true,"sensitive":true},"date_created":{"type":"string","description_kind":"plain","computed":true},"date_updated":{"type":"string","description_kind":"plain","computed":true},"friendly_name":{"type":"string","description_kind":"plain","optional":true,"computed":true},"id":{"type":"string","description_kind":"plain","optional":true,"computed":true},"owner_account_sid":{"type":"string","description_kind":"plain","computed":true},"sid":{"type":"string","description_kind":"plain","computed":true},"status":{"type":"string","description_kind":"plain","optional":true},"type":{"type":"string","description_kind":"plain","computed":true}},"block_types":{"timeouts":{"nesting_mode":"single","block":{"attributes":{"create":{"type":"string","description_kind":"plain","optional":true},"delete":{"type":"string","description_kind":"plain","optional":true},"read":{"type":"string","description_kind":"plain","optional":true},"update":{"type":"string","description_kind":"plain","optional":true}},"description_kind":"plain"}}},"description_kind":"plain"}},"twilio_autopilot_assistant":{"version":0,"block":{"attributes":{"account_sid":{"type":"string","description_kind":"plain","computed":true},"callback_events":{"type":["list","string"],"description_kind":"plain","optional":true},"callback_url":{"type":"string","description_kind":"plain","optional":true},"date_created":{"type":"string","description_kind":"plain","computed":true},"date_updated":{"type":"string","description_kind":"plain","computed":true},"defaults":{"type":"string","description_kind":"plain","optional":true,"computed":true},"development_stage":{"type":"string","description_kind":"plain","optional":true,"computed":true},"friendly_name":{"type":"string","description_kind":"plain","optional":true},"id":{"type":"string","description_kind":"plain","optional":true,"computed":true},"latest_model_build_sid":{"type":"string","description_kind":"plain","computed":true},"log_queries":{"type":"bool","description_kind":"plain","optional":true},"needs_model_build":{"type":"bool","description_kind":"plain","computed":true},"sid":{"type":"string","description_kind":"plain","computed":true},"stylesheet":{"type":"string","description_kind":"plain","optional":true,"computed":true},"unique_name":{"type":"string","description_kind":"plain","optional":true,"computed":true},"url":{"type":"string","description_kind":"plain","computed":true}},"block_types":{"timeouts":{"nesting_mode":"single","block":{"attributes":{"create":{"type":"string","description_kind":"plain","optional":true},"delete":{"type":"string","description_kind":"plain","optional":true},"read":{"type":"string","description_kind":"plain","optional":true},"update":{"type":"string","description_kind":"plain","optional":true}},"description_kind":"plain"}}},"description_kind":"plain"}},"twilio_autopilot_field_type":{"version":0,"block":{"attributes":{"account_sid":{"type":"string","description_kind":"plain","computed":true},"assistant_sid":{"type":"string","description_kind":"plain","required":true},"date_created":{"type":"string","description_kind":"plain","computed":true},"date_updated":{"type":"string","description_kind":"plain","computed":true},"friendly_name":{"type":"string","description_kind":"plain","optional":true},"id":{"type":"string","description_kind":"plain","optional":true,"computed":true},"sid":{"type":"string","description_kind":"plain","computed":true},"unique_name":{"type":"string","description_kind":"plain","required":true},"url":{"type":"string","description_kind":"plain","computed":true}},"block_types":{"timeouts":{"nesting_mode":"single","block":{"attributes":{"create":{"type":"string","description_kind":"plain","optional":true},"delete":{"type":"string","description_kind":"plain","optional":true},"read":{"type":"string","description_kind":"plain","optional":true},"update":{"type":"string","description_kind":"plain","optional":true}},"description_kind":"plain"}}},"description_kind":"plain"}},"twilio_autopilot_field_value":{"version":0,"block":{"attributes":{"account_sid":{"type":"string","description_kind":"plain","computed":true},"assistant_sid":{"type":"string","description_kind":"plain","required":true},"date_created":{"type":"string","description_kind":"plain","computed":true},"date_updated":{"type":"string","description_kind":"plain","computed":true},"field_type_sid":{"type":"string","description_kind":"plain","required":true},"id":{"type":"string","description_kind":"plain","optional":true,"computed":true},"language":{"type":"string","description_kind":"plain","required":true},"sid":{"type":"string","description_kind":"plain","computed":true},"synonym_of":{"type":"string","description_kind":"plain","optional":true},"url":{"type":"string","description_kind":"plain","computed":true},"value":{"type":"string","description_kind":"plain","required":true}},"block_types":{"timeouts":{"nesting_mode":"single","block":{"attributes":{"create":{"type":"string","description_kind":"plain","optional":true},"delete":{"type":"string","description_kind":"plain","optional":true},"read":{"type":"string","description_kind":"plain","optional":true}},"description_kind":"plain"}}},"description_kind":"plain"}},"twilio_autopilot_model_build":{"version":0,"block":{"attributes":{"account_sid":{"type":"string","description_kind":"plain","computed":true},"assistant_sid":{"type":"string","description_kind":"plain","required":true},"build_duration":{"type":"number","description_kind":"plain","computed":true},"date_created":{"type":"string","description_kind":"plain","computed":true},"date_updated":{"type":"string","description_kind":"plain","computed":true},"error_code":{"type":"number","description_kind":"plain","computed":true},"id":{"type":"string","description_kind":"plain","optional":true,"computed":true},"sid":{"type":"string","description_kind":"plain","computed":true},"status":{"type":"string","description_kind":"plain","computed":true},"status_callback":{"type":"string","description_kind":"plain","optional":true},"triggers":{"type":["map","string"],"description_kind":"plain","optional":true},"unique_name":{"type":"string","description_kind":"plain","computed":true},"unique_name_prefix":{"type":"string","description_kind":"plain","optional":true},"url":{"type":"string","description_kind":"plain","computed":true}},"block_types":{"polling":{"nesting_mode":"list","block":{"attributes":{"delay_in_ms":{"type":"number","description_kind":"plain","optional":true},"enabled":{"type":"bool","description_kind":"plain","required":true},"max_attempts":{"type":"number","description_kind":"plain","optional":true}},"description_kind":"plain"},"max_items":1},"timeouts":{"nesting_mode":"single","block":{"attributes":{"create":{"type":"string","description_kind":"plain","optional":true},"delete":{"type":"string","description_kind":"plain","optional":true},"read":{"type":"string","description_kind":"plain","optional":true},"update":{"type":"string","description_kind":"plain","optional":true}},"description_kind":"plain"}}},"description_kind":"plain"}},"twilio_autopilot_task":{"version":0,"block":{"attributes":{"account_sid":{"type":"string","description_kind":"plain","computed":true},"actions":{"type":"string","description_kind":"plain","optional":true,"computed":true},"actions_url":{"type":"string","description_kind":"plain","optional":true,"computed":true},"assistant_sid":{"type":"string","description_kind":"plain","required":true},"date_created":{"type":"string","description_kind":"plain","computed":true},"date_updated":{"type":"string","description_kind":"plain","computed":true},"friendly_name":{"type":"string","description_kind":"plain","optional":true},"id":{"type":"string","description_kind":"plain","optional":true,"computed":true},"sid":{"type":"string","description_kind":"plain","computed":true},"unique_name":{"type":"string","description_kind":"plain","required":true},"url":{"type":"string","description_kind":"plain","computed":true}},"block_types":{"timeouts":{"nesting_mode":"single","block":{"attributes":{"create":{"type":"string","description_kind":"plain","optional":true},"delete":{"type":"string","description_kind":"plain","optional":true},"read":{"type":"string","description_kind":"plain","optional":true},"update":{"type":"string","description_kind":"plain","optional":true}},"description_kind":"plain"}}},"description_kind":"plain"}},"twilio_autopilot_task_field":{"version":0,"block":{"attributes":{"account_sid":{"type":"string","description_kind":"plain","computed":true},"assistant_sid":{"type":"string","description_kind":"plain","required":true},"date_created":{"type":"string","description_kind":"plain","computed":true},"date_updated":{"type":"string","description_kind":"plain","computed":true},"field_type":{"type":"string","description_kind":"plain","required":true},"id":{"type":"string","description_kind":"plain","optional":true,"computed":true},"sid":{"type":"string","description_kind":"plain","computed":true},"task_sid":{"type":"string","description_kind":"plain","required":true},"unique_name":{"type":"string","description_kind":"plain","required":true},"url":{"type":"string","description_kind":"plain","computed":true}},"block_types":{"timeouts":{"nesting_mode":"single","block":{"attributes":{"create":{"type":"string","description_kind":"plain","optional":true},"delete":{"type":"string","description_kind":"plain","optional":true},"read":{"type":"string","description_kind":"plain","optional":true}},"description_kind":"plain"}}},"description_kind":"plain"}},"twilio_autopilot_task_sample":{"version":0,"block":{"attributes":{"account_sid":{"type":"string","description_kind":"plain","computed":true},"assistant_sid":{"type":"string","description_kind":"plain","required":true},"date_created":{"type":"string","description_kind":"plain","computed":true},"date_updated":{"type":"string","description_kind":"plain","computed":true},"id":{"type":"string","description_kind":"plain","optional":true,"computed":true},"language":{"type":"string","description_kind":"plain","required":true},"sid":{"type":"string","description_kind":"plain","computed":true},"source_channel":{"type":"string","description_kind":"plain","optional":true},"tagged_text":{"type":"string","description_kind":"plain","required":true},"task_sid":{"type":"string","description_kind":"plain","required":true},"url":{"type":"string","description_kind":"plain","computed":true}},"block_types":{"timeouts":{"nesting_mode":"single","block":{"attributes":{"create":{"type":"string","description_kind":"plain","optional":true},"delete":{"type":"string","description_kind":"plain","optional":true},"read":{"type":"string","description_kind":"plain","optional":true},"update":{"type":"string","description_kind":"plain","optional":true}},"description_kind":"plain"}}},"description_kind":"plain"}},"twilio_autopilot_webhook":{"version":0,"block":{"attributes":{"account_sid":{"type":"string","description_kind":"plain","computed":true},"assistant_sid":{"type":"string","description_kind":"plain","required":true},"date_created":{"type":"string","description_kind":"plain","computed":true},"date_updated":{"type":"string","description_kind":"plain","computed":true},"events":{"type":["list","string"],"description_kind":"plain","required":true},"id":{"type":"string","description_kind":"plain","optional":true,"computed":true},"sid":{"type":"string","description_kind":"plain","computed":true},"unique_name":{"type":"string","description_kind":"plain","required":true},"url":{"type":"string","description_kind":"plain","computed":true},"webhook_method":{"type":"string","description_kind":"plain","optional":true},"webhook_url":{"type":"string","description_kind":"plain","required":true}},"block_types":{"timeouts":{"nesting_mode":"single","block":{"attributes":{"create":{"type":"string","description_kind":"plain","optional":true},"delete":{"type":"string","description_kind":"plain","optional":true},"read":{"type":"string","description_kind":"plain","optional":true},"update":{"type":"string","description_kind":"plain","optional":true}},"description_kind":"plain"}}},"description_kind":"plain"}},"twilio_chat_channel":{"version":0,"block":{"attributes":{"account_sid":{"type":"string","description_kind":"plain","computed":true},"attributes":{"type":"string","description_kind":"plain","optional":true},"created_by":{"type":"string","description_kind":"plain","computed":true},"date_created":{"type":"string","description_kind":"plain","computed":true},"date_updated":{"type":"string","description_kind":"plain","computed":true},"friendly_name":{"type":"string","description_kind":"plain","optional":true},"id":{"type":"string","description_kind":"plain","optional":true,"computed":true},"members_count":{"type":"number","description_kind":"plain","computed":true},"messages_count":{"type":"number","description_kind":"plain","computed":true},"service_sid":{"type":"string","description_kind":"plain","required":true},"sid":{"type":"string","description_kind":"plain","computed":true},"type":{"type":"string","description_kind":"plain","optional":true},"unique_name":{"type":"string","description_kind":"plain","optional":true},"url":{"type":"string","description_kind":"plain","computed":true}},"block_types":{"timeouts":{"nesting_mode":"single","block":{"attributes":{"create":{"type":"string","description_kind":"plain","optional":true},"delete":{"type":"string","description_kind":"plain","optional":true},"read":{"type":"string","description_kind":"plain","optional":true},"update":{"type":"string","description_kind":"plain","optional":true}},"description_kind":"plain"}}},"description_kind":"plain","deprecated":true}},"twilio_chat_channel_member":{"version":0,"block":{"attributes":{"account_sid":{"type":"string","description_kind":"plain","computed":true},"attributes":{"type":"string","description_kind":"plain","optional":true},"channel_sid":{"type":"string","description_kind":"plain","required":true},"date_created":{"type":"string","description_kind":"plain","computed":true},"date_updated":{"type":"string","description_kind":"plain","computed":true},"id":{"type":"string","description_kind":"plain","optional":true,"computed":true},"identity":{"type":"string","description_kind":"plain","required":true},"last_consumed_message_index":{"type":"number","description_kind":"plain","computed":true},"last_consumption_timestamp":{"type":"string","description_kind":"plain","computed":true},"role_sid":{"type":"string","description_kind":"plain","optional":true,"computed":true},"service_sid":{"type":"string","description_kind":"plain","required":true},"sid":{"type":"string","description_kind":"plain","computed":true},"url":{"type":"string","description_kind":"plain","computed":true}},"block_types":{"timeouts":{"nesting_mode":"single","block":{"attributes":{"create":{"type":"string","description_kind":"plain","optional":true},"delete":{"type":"string","description_kind":"plain","optional":true},"read":{"type":"string","description_kind":"plain","optional":true},"update":{"type":"string","description_kind":"plain","optional":true}},"description_kind":"plain"}}},"description_kind":"plain","deprecated":true}},"twilio_chat_channel_studio_webhook":{"version":0,"block":{"attributes":{"account_sid":{"type":"string","description_kind":"plain","computed":true},"channel_sid":{"type":"string","description_kind":"plain","required":true},"date_created":{"type":"string","description_kind":"plain","computed":true},"date_updated":{"type":"string","description_kind":"plain","computed":true},"flow_sid":{"type":"string","description_kind":"plain","required":true},"id":{"type":"string","description_kind":"plain","optional":true,"computed":true},"retry_count":{"type":"number","description_kind":"plain","optional":true},"service_sid":{"type":"string","description_kind":"plain","required":true},"sid":{"type":"string","description_kind":"plain","computed":true},"type":{"type":"string","description_kind":"plain","computed":true},"url":{"type":"string","description_kind":"plain","computed":true}},"block_types":{"timeouts":{"nesting_mode":"single","block":{"attributes":{"create":{"type":"string","description_kind":"plain","optional":true},"delete":{"type":"string","description_kind":"plain","optional":true},"read":{"type":"string","description_kind":"plain","optional":true},"update":{"type":"string","description_kind":"plain","optional":true}},"description_kind":"plain"}}},"description_kind":"plain","deprecated":true}},"twilio_chat_channel_trigger_webhook":{"version":0,"block":{"attributes":{"account_sid":{"type":"string","description_kind":"plain","computed":true},"channel_sid":{"type":"string","description_kind":"plain","required":true},"date_created":{"type":"string","description_kind":"plain","computed":true},"date_updated":{"type":"string","description_kind":"plain","computed":true},"id":{"type":"string","description_kind":"plain","optional":true,"computed":true},"method":{"type":"string","description_kind":"plain","optional":true},"retry_count":{"type":"number","description_kind":"plain","optional":true},"service_sid":{"type":"string","description_kind":"plain","required":true},"sid":{"type":"string","description_kind":"plain","computed":true},"triggers":{"type":["list","string"],"description_kind":"plain","required":true},"type":{"type":"string","description_kind":"plain","computed":true},"url":{"type":"string","description_kind":"plain","computed":true},"webhook_url":{"type":"string","description_kind":"plain","required":true}},"block_types":{"timeouts":{"nesting_mode":"single","block":{"attributes":{"create":{"type":"string","description_kind":"plain","optional":true},"delete":{"type":"string","description_kind":"plain","optional":true},"read":{"type":"string","description_kind":"plain","optional":true},"update":{"type":"string","description_kind":"plain","optional":true}},"description_kind":"plain"}}},"description_kind":"plain","deprecated":true}},"twilio_chat_channel_webhook":{"version":0,"block":{"attributes":{"account_sid":{"type":"string","description_kind":"plain","computed":true},"channel_sid":{"type":"string","description_kind":"plain","required":true},"date_created":{"type":"string","description_kind":"plain","computed":true},"date_updated":{"type":"string","description_kind":"plain","computed":true},"filters":{"type":["list","string"],"description_kind":"plain","required":true},"id":{"type":"string","description_kind":"plain","optional":true,"computed":true},"method":{"type":"string","description_kind":"plain","optional":true},"retry_count":{"type":"number","description_kind":"plain","optional":true},"service_sid":{"type":"string","description_kind":"plain","required":true},"sid":{"type":"string","description_kind":"plain","computed":true},"type":{"type":"string","description_kind":"plain","computed":true},"url":{"type":"string","description_kind":"plain","computed":true},"webhook_url":{"type":"string","description_kind":"plain","required":true}},"block_types":{"timeouts":{"nesting_mode":"single","block":{"attributes":{"create":{"type":"string","description_kind":"plain","optional":true},"delete":{"type":"string","description_kind":"plain","optional":true},"read":{"type":"string","description_kind":"plain","optional":true},"update":{"type":"string","description_kind":"plain","optional":true}},"description_kind":"plain"}}},"description_kind":"plain","deprecated":true}},"twilio_chat_role":{"version":0,"block":{"attributes":{"account_sid":{"type":"string","description_kind":"plain","computed":true},"date_created":{"type":"string","description_kind":"plain","computed":true},"date_updated":{"type":"string","description_kind":"plain","computed":true},"friendly_name":{"type":"string","description_kind":"plain","required":true},"id":{"type":"string","description_kind":"plain","optional":true,"computed":true},"permissions":{"type":["list","string"],"description_kind":"plain","required":true},"service_sid":{"type":"string","description_kind":"plain","required":true},"sid":{"type":"string","description_kind":"plain","computed":true},"type":{"type":"string","description_kind":"plain","required":true},"url":{"type":"string","description_kind":"plain","computed":true}},"block_types":{"timeouts":{"nesting_mode":"single","block":{"attributes":{"create":{"type":"string","description_kind":"plain","optional":true},"delete":{"type":"string","description_kind":"plain","optional":true},"read":{"type":"string","description_kind":"plain","optional":true},"update":{"type":"string","description_kind":"plain","optional":true}},"description_kind":"plain"}}},"description_kind":"plain","deprecated":true}},"twilio_chat_service":{"version":0,"block":{"attributes":{"account_sid":{"type":"string","description_kind":"plain","computed":true},"date_created":{"type":"string","description_kind":"plain","computed":true},"date_updated":{"type":"string","description_kind":"plain","computed":true},"default_channel_creator_role_sid":{"type":"string","description_kind":"plain","computed":true},"default_channel_role_sid":{"type":"string","description_kind":"plain","computed":true},"default_service_role_sid":{"type":"string","description_kind":"plain","computed":true},"friendly_name":{"type":"string","description_kind":"plain","required":true},"id":{"type":"string","description_kind":"plain","optional":true,"computed":true},"post_webhook_retry_count":{"type":"number","description_kind":"plain","optional":true},"post_webhook_url":{"type":"string","description_kind":"plain","optional":true},"pre_webhook_retry_count":{"type":"number","description_kind":"plain","optional":true},"pre_webhook_url":{"type":"string","description_kind":"plain","optional":true},"reachability_enabled":{"type":"bool","description_kind":"plain","optional":true},"read_status_enabled":{"type":"bool","description_kind":"plain","optional":true},"sid":{"type":"string","description_kind":"plain","computed":true},"typing_indicator_timeout":{"type":"number","description_kind":"plain","optional":true},"url":{"type":"string","description_kind":"plain","computed":true},"webhook_filters":{"type":["list","string"],"description_kind":"plain","optional":true},"webhook_method":{"type":"string","description_kind":"plain","optional":true}},"block_types":{"limits":{"nesting_mode":"list","block":{"attributes":{"channel_members":{"type":"number","description_kind":"plain","optional":true},"user_channels":{"type":"number","description_kind":"plain","optional":true}},"description_kind":"plain"},"max_items":1},"media":{"nesting_mode":"list","block":{"attributes":{"compatibility_message":{"type":"string","description_kind":"plain","optional":true,"computed":true},"size_limit_mb":{"type":"number","description_kind":"plain","computed":true}},"description_kind":"plain"},"max_items":1},"notifications":{"nesting_mode":"list","block":{"attributes":{"log_enabled":{"type":"bool","description_kind":"plain","optional":true}},"block_types":{"added_to_channel":{"nesting_mode":"list","block":{"attributes":{"enabled":{"type":"bool","description_kind":"plain","optional":true},"sound":{"type":"string","description_kind":"plain","optional":true},"template":{"type":"string","description_kind":"plain","optional":true}},"description_kind":"plain"},"max_items":1},"invited_to_channel":{"nesting_mode":"list","block":{"attributes":{"enabled":{"type":"bool","description_kind":"plain","optional":true},"sound":{"type":"string","description_kind":"plain","optional":true},"template":{"type":"string","description_kind":"plain","optional":true}},"description_kind":"plain"},"max_items":1},"new_message":{"nesting_mode":"list","block":{"attributes":{"badge_count_enabled":{"type":"bool","description_kind":"plain","optional":true},"enabled":{"type":"bool","description_kind":"plain","optional":true},"sound":{"type":"string","description_kind":"plain","optional":true},"template":{"type":"string","description_kind":"plain","optional":true}},"description_kind":"plain"},"max_items":1},"removed_from_channel":{"nesting_mode":"list","block":{"attributes":{"enabled":{"type":"bool","description_kind":"plain","optional":true},"sound":{"type":"string","description_kind":"plain","optional":true},"template":{"type":"string","description_kind":"plain","optional":true}},"description_kind":"plain"},"max_items":1}},"description_kind":"plain"},"max_items":1},"timeouts":{"nesting_mode":"single","block":{"attributes":{"create":{"type":"string","description_kind":"plain","optional":true},"delete":{"type":"string","description_kind":"plain","optional":true},"read":{"type":"string","description_kind":"plain","optional":true},"update":{"type":"string","description_kind":"plain","optional":true}},"description_kind":"plain"}}},"description_kind":"plain","deprecated":true}},"twilio_chat_user":{"version":0,"block":{"attributes":{"account_sid":{"type":"string","description_kind":"plain","computed":true},"attributes":{"type":"string","description_kind":"plain","optional":true},"date_created":{"type":"string","description_kind":"plain","computed":true},"date_updated":{"type":"string","description_kind":"plain","computed":true},"friendly_name":{"type":"string","description_kind":"plain","optional":true},"id":{"type":"string","description_kind":"plain","optional":true,"computed":true},"identity":{"type":"string","description_kind":"plain","required":true},"is_notifiable":{"type":"bool","description_kind":"plain","computed":true},"is_online":{"type":"bool","description_kind":"plain","computed":true},"joined_channels_count":{"type":"number","description_kind":"plain","computed":true},"role_sid":{"type":"string","description_kind":"plain","optional":true,"computed":true},"service_sid":{"type":"string","description_kind":"plain","required":true},"sid":{"type":"string","description_kind":"plain","computed":true},"url":{"type":"string","description_kind":"plain","computed":true}},"block_types":{"timeouts":{"nesting_mode":"single","block":{"attributes":{"create":{"type":"string","description_kind":"plain","optional":true},"delete":{"type":"string","description_kind":"plain","optional":true},"read":{"type":"string","description_kind":"plain","optional":true},"update":{"type":"string","description_kind":"plain","optional":true}},"description_kind":"plain"}}},"description_kind":"plain","deprecated":true}},"twilio_conversations_configuration":{"version":0,"block":{"attributes":{"account_sid":{"type":"string","description_kind":"plain","computed":true},"default_closed_timer":{"type":"string","description_kind":"plain","optional":true,"computed":true},"default_inactive_timer":{"type":"string","description_kind":"plain","optional":true,"computed":true},"default_messaging_service_sid":{"type":"string","description_kind":"plain","optional":true,"computed":true},"default_service_sid":{"type":"string","description_kind":"plain","optional":true,"computed":true},"id":{"type":"string","description_kind":"plain","optional":true,"computed":true},"url":{"type":"string","description_kind":"plain","computed":true}},"block_types":{"timeouts":{"nesting_mode":"single","block":{"attributes":{"read":{"type":"string","description_kind":"plain","optional":true},"update":{"type":"string","description_kind":"plain","optional":true}},"description_kind":"plain"}}},"description_kind":"plain"}},"twilio_conversations_conversation":{"version":0,"block":{"attributes":{"account_sid":{"type":"string","description_kind":"plain","computed":true},"attributes":{"type":"string","description_kind":"plain","optional":true},"date_created":{"type":"string","description_kind":"plain","computed":true},"date_updated":{"type":"string","description_kind":"plain","computed":true},"friendly_name":{"type":"string","description_kind":"plain","optional":true},"id":{"type":"string","description_kind":"plain","optional":true,"computed":true},"messaging_service_sid":{"type":"string","description_kind":"plain","optional":true,"computed":true},"service_sid":{"type":"string","description_kind":"plain","required":true},"sid":{"type":"string","description_kind":"plain","computed":true},"state":{"type":"string","description_kind":"plain","optional":true},"unique_name":{"type":"string","description_kind":"plain","optional":true},"url":{"type":"string","description_kind":"plain","computed":true}},"block_types":{"timeouts":{"nesting_mode":"single","block":{"attributes":{"create":{"type":"string","description_kind":"plain","optional":true},"delete":{"type":"string","description_kind":"plain","optional":true},"read":{"type":"string","description_kind":"plain","optional":true},"update":{"type":"string","description_kind":"plain","optional":true}},"description_kind":"plain"}},"timers":{"nesting_mode":"list","block":{"attributes":{"closed":{"type":"string","description_kind":"plain","optional":true},"date_closed":{"type":"string","description_kind":"plain","computed":true},"date_inactive":{"type":"string","description_kind":"plain","computed":true},"inactive":{"type":"string","description_kind":"plain","optional":true}},"description_kind":"plain"},"max_items":1}},"description_kind":"plain"}},"twilio_conversations_conversation_studio_webhook":{"version":0,"block":{"attributes":{"account_sid":{"type":"string","description_kind":"plain","computed":true},"conversation_sid":{"type":"string","description_kind":"plain","required":true},"date_created":{"type":"string","description_kind":"plain","computed":true},"date_updated":{"type":"string","description_kind":"plain","computed":true},"flow_sid":{"type":"string","description_kind":"plain","required":true},"id":{"type":"string","description_kind":"plain","optional":true,"computed":true},"replay_after":{"type":"number","description_kind":"plain","optional":true},"service_sid":{"type":"string","description_kind":"plain","required":true},"sid":{"type":"string","description_kind":"plain","computed":true},"target":{"type":"string","description_kind":"plain","computed":true},"url":{"type":"string","description_kind":"plain","computed":true}},"block_types":{"timeouts":{"nesting_mode":"single","block":{"attributes":{"create":{"type":"string","description_kind":"plain","optional":true},"delete":{"type":"string","description_kind":"plain","optional":true},"read":{"type":"string","description_kind":"plain","optional":true},"update":{"type":"string","description_kind":"plain","optional":true}},"description_kind":"plain"}}},"description_kind":"plain"}},"twilio_conversations_conversation_trigger_webhook":{"version":0,"block":{"attributes":{"account_sid":{"type":"string","description_kind":"plain","computed":true},"conversation_sid":{"type":"string","description_kind":"plain","required":true},"date_created":{"type":"string","description_kind":"plain","computed":true},"date_updated":{"type":"string","description_kind":"plain","computed":true},"id":{"type":"string","description_kind":"plain","optional":true,"computed":true},"method":{"type":"string","description_kind":"plain","optional":true},"replay_after":{"type":"number","description_kind":"plain","optional":true},"service_sid":{"type":"string","description_kind":"plain","required":true},"sid":{"type":"string","description_kind":"plain","computed":true},"target":{"type":"string","description_kind":"plain","computed":true},"triggers":{"type":["list","string"],"description_kind":"plain","required":true},"url":{"type":"string","description_kind":"plain","computed":true},"webhook_url":{"type":"string","description_kind":"plain","required":true}},"block_types":{"timeouts":{"nesting_mode":"single","block":{"attributes":{"create":{"type":"string","description_kind":"plain","optional":true},"delete":{"type":"string","description_kind":"plain","optional":true},"read":{"type":"string","description_kind":"plain","optional":true},"update":{"type":"string","description_kind":"plain","optional":true}},"description_kind":"plain"}}},"description_kind":"plain"}},"twilio_conversations_conversation_webhook":{"version":0,"block":{"attributes":{"account_sid":{"type":"string","description_kind":"plain","computed":true},"conversation_sid":{"type":"string","description_kind":"plain","required":true},"date_created":{"type":"string","description_kind":"plain","computed":true},"date_updated":{"type":"string","description_kind":"plain","computed":true},"filters":{"type":["list","string"],"description_kind":"plain","required":true},"id":{"type":"string","description_kind":"plain","optional":true,"computed":true},"method":{"type":"string","description_kind":"plain","optional":true},"replay_after":{"type":"number","description_kind":"plain","optional":true},"service_sid":{"type":"string","description_kind":"plain","required":true},"sid":{"type":"string","description_kind":"plain","computed":true},"target":{"type":"string","description_kind":"plain","computed":true},"url":{"type":"string","description_kind":"plain","computed":true},"webhook_url":{"type":"string","description_kind":"plain","required":true}},"block_types":{"timeouts":{"nesting_mode":"single","block":{"attributes":{"create":{"type":"string","description_kind":"plain","optional":true},"delete":{"type":"string","description_kind":"plain","optional":true},"read":{"type":"string","description_kind":"plain","optional":true},"update":{"type":"string","description_kind":"plain","optional":true}},"description_kind":"plain"}}},"description_kind":"plain"}},"twilio_conversations_push_credential_apn":{"version":0,"block":{"attributes":{"account_sid":{"type":"string","description_kind":"plain","computed":true},"certificate":{"type":"string","description_kind":"plain","required":true},"date_created":{"type":"string","description_kind":"plain","computed":true},"date_updated":{"type":"string","description_kind":"plain","computed":true},"friendly_name":{"type":"string","description_kind":"plain","required":true},"id":{"type":"string","description_kind":"plain","optional":true,"computed":true},"private_key":{"type":"string","description_kind":"plain","required":true,"sensitive":true},"sandbox":{"type":"bool","description_kind":"plain","optional":true},"sid":{"type":"string","description_kind":"plain","computed":true},"type":{"type":"string","description_kind":"plain","computed":true},"url":{"type":"string","description_kind":"plain","computed":true}},"block_types":{"timeouts":{"nesting_mode":"single","block":{"attributes":{"create":{"type":"string","description_kind":"plain","optional":true},"delete":{"type":"string","description_kind":"plain","optional":true},"read":{"type":"string","description_kind":"plain","optional":true},"update":{"type":"string","description_kind":"plain","optional":true}},"description_kind":"plain"}}},"description_kind":"plain"}},"twilio_conversations_push_credential_fcm":{"version":0,"block":{"attributes":{"account_sid":{"type":"string","description_kind":"plain","computed":true},"date_created":{"type":"string","description_kind":"plain","computed":true},"date_updated":{"type":"string","description_kind":"plain","computed":true},"friendly_name":{"type":"string","description_kind":"plain","required":true},"id":{"type":"string","description_kind":"plain","optional":true,"computed":true},"secret":{"type":"string","description_kind":"plain","required":true,"sensitive":true},"sid":{"type":"string","description_kind":"plain","computed":true},"type":{"type":"string","description_kind":"plain","computed":true},"url":{"type":"string","description_kind":"plain","computed":true}},"block_types":{"timeouts":{"nesting_mode":"single","block":{"attributes":{"create":{"type":"string","description_kind":"plain","optional":true},"delete":{"type":"string","description_kind":"plain","optional":true},"read":{"type":"string","description_kind":"plain","optional":true},"update":{"type":"string","description_kind":"plain","optional":true}},"description_kind":"plain"}}},"description_kind":"plain"}},"twilio_conversations_role":{"version":0,"block":{"attributes":{"account_sid":{"type":"string","description_kind":"plain","computed":true},"date_created":{"type":"string","description_kind":"plain","computed":true},"date_updated":{"type":"string","description_kind":"plain","computed":true},"friendly_name":{"type":"string","description_kind":"plain","required":true},"id":{"type":"string","description_kind":"plain","optional":true,"computed":true},"permissions":{"type":["list","string"],"description_kind":"plain","required":true},"service_sid":{"type":"string","description_kind":"plain","required":true},"sid":{"type":"string","description_kind":"plain","computed":true},"type":{"type":"string","description_kind":"plain","required":true},"url":{"type":"string","description_kind":"plain","computed":true}},"block_types":{"timeouts":{"nesting_mode":"single","block":{"attributes":{"create":{"type":"string","description_kind":"plain","optional":true},"delete":{"type":"string","description_kind":"plain","optional":true},"read":{"type":"string","description_kind":"plain","optional":true},"update":{"type":"string","description_kind":"plain","optional":true}},"description_kind":"plain"}}},"description_kind":"plain"}},"twilio_conversations_service":{"version":0,"block":{"attributes":{"date_created":{"type":"string","description_kind":"plain","computed":true},"date_updated":{"type":"string","description_kind":"plain","computed":true},"friendly_name":{"type":"string","description_kind":"plain","required":true},"id":{"type":"string","description_kind":"plain","optional":true,"computed":true},"sid":{"type":"string","description_kind":"plain","computed":true},"url":{"type":"string","description_kind":"plain","computed":true}},"block_types":{"timeouts":{"nesting_mode":"single","block":{"attributes":{"create":{"type":"string","description_kind":"plain","optional":true},"delete":{"type":"string","description_kind":"plain","optional":true},"read":{"type":"string","description_kind":"plain","optional":true}},"description_kind":"plain"}}},"description_kind":"plain"}},"twilio_conversations_service_configuration":{"version":0,"block":{"attributes":{"default_chat_service_role_sid":{"type":"string","description_kind":"plain","optional":true,"computed":true},"default_conversation_creator_role_sid":{"type":"string","description_kind":"plain","optional":true,"computed":true},"default_conversation_role_sid":{"type":"string","description_kind":"plain","optional":true,"computed":true},"id":{"type":"string","description_kind":"plain","optional":true,"computed":true},"reachability_enabled":{"type":"bool","description_kind":"plain","optional":true},"service_sid":{"type":"string","description_kind":"plain","required":true},"url":{"type":"string","description_kind":"plain","computed":true}},"block_types":{"timeouts":{"nesting_mode":"single","block":{"attributes":{"read":{"type":"string","description_kind":"plain","optional":true},"update":{"type":"string","description_kind":"plain","optional":true}},"description_kind":"plain"}}},"description_kind":"plain"}},"twilio_conversations_service_notification":{"version":0,"block":{"attributes":{"account_sid":{"type":"string","description_kind":"plain","computed":true},"id":{"type":"string","description_kind":"plain","optional":true,"computed":true},"log_enabled":{"type":"bool","description_kind":"plain","optional":true},"service_sid":{"type":"string","description_kind":"plain","required":true},"url":{"type":"string","description_kind":"plain","computed":true}},"block_types":{"added_to_conversation":{"nesting_mode":"list","block":{"attributes":{"enabled":{"type":"bool","description_kind":"plain","optional":true},"sound":{"type":"string","description_kind":"plain","optional":true},"template":{"type":"string","description_kind":"plain","optional":true}},"description_kind":"plain"},"max_items":1},"new_message":{"nesting_mode":"list","block":{"attributes":{"badge_count_enabled":{"type":"bool","description_kind":"plain","optional":true},"enabled":{"type":"bool","description_kind":"plain","optional":true},"sound":{"type":"string","description_kind":"plain","optional":true},"template":{"type":"string","description_kind":"plain","optional":true}},"description_kind":"plain"},"max_items":1},"removed_from_conversation":{"nesting_mode":"list","block":{"attributes":{"enabled":{"type":"bool","description_kind":"plain","optional":true},"sound":{"type":"string","description_kind":"plain","optional":true},"template":{"type":"string","description_kind":"plain","optional":true}},"description_kind":"plain"},"max_items":1},"timeouts":{"nesting_mode":"single","block":{"attributes":{"create":{"type":"string","description_kind":"plain","optional":true},"delete":{"type":"string","description_kind":"plain","optional":true},"read":{"type":"string","description_kind":"plain","optional":true},"update":{"type":"string","description_kind":"plain","optional":true}},"description_kind":"plain"}}},"description_kind":"plain"}},"twilio_conversations_user":{"version":0,"block":{"attributes":{"account_sid":{"type":"string","description_kind":"plain","computed":true},"attributes":{"type":"string","description_kind":"plain","optional":true},"date_created":{"type":"string","description_kind":"plain","computed":true},"date_updated":{"type":"string","description_kind":"plain","computed":true},"friendly_name":{"type":"string","description_kind":"plain","optional":true},"id":{"type":"string","description_kind":"plain","optional":true,"computed":true},"identity":{"type":"string","description_kind":"plain","required":true},"is_notifiable":{"type":"bool","description_kind":"plain","computed":true},"is_online":{"type":"bool","description_kind":"plain","computed":true},"role_sid":{"type":"string","description_kind":"plain","optional":true,"computed":true},"service_sid":{"type":"string","description_kind":"plain","required":true},"sid":{"type":"string","description_kind":"plain","computed":true},"url":{"type":"string","description_kind":"plain","computed":true}},"block_types":{"timeouts":{"nesting_mode":"single","block":{"attributes":{"create":{"type":"string","description_kind":"plain","optional":true},"delete":{"type":"string","description_kind":"plain","optional":true},"read":{"type":"string","description_kind":"plain","optional":true},"update":{"type":"string","description_kind":"plain","optional":true}},"description_kind":"plain"}}},"description_kind":"plain"}},"twilio_conversations_webhook":{"version":0,"block":{"attributes":{"account_sid":{"type":"string","description_kind":"plain","computed":true},"filters":{"type":["list","string"],"description_kind":"plain","optional":true,"computed":true},"id":{"type":"string","description_kind":"plain","optional":true,"computed":true},"method":{"type":"string","description_kind":"plain","optional":true,"computed":true},"post_webhook_url":{"type":"string","description_kind":"plain","optional":true,"computed":true},"pre_webhook_url":{"type":"string","description_kind":"plain","optional":true,"computed":true},"target":{"type":"string","description_kind":"plain","optional":true,"computed":true},"url":{"type":"string","description_kind":"plain","computed":true}},"block_types":{"timeouts":{"nesting_mode":"single","block":{"attributes":{"read":{"type":"string","description_kind":"plain","optional":true},"update":{"type":"string","description_kind":"plain","optional":true}},"description_kind":"plain"}}},"description_kind":"plain"}},"twilio_flex_flow":{"version":0,"block":{"attributes":{"account_sid":{"type":"string","description_kind":"plain","computed":true},"channel_type":{"type":"string","description_kind":"plain","required":true},"chat_service_sid":{"type":"string","description_kind":"plain","required":true},"contact_identity":{"type":"string","description_kind":"plain","optional":true},"date_created":{"type":"string","description_kind":"plain","computed":true},"date_updated":{"type":"string","description_kind":"plain","computed":true},"enabled":{"type":"bool","description_kind":"plain","optional":true},"friendly_name":{"type":"string","description_kind":"plain","required":true},"id":{"type":"string","description_kind":"plain","optional":true,"computed":true},"integration_type":{"type":"string","description_kind":"plain","optional":true},"janitor_enabled":{"type":"bool","description_kind":"plain","optional":true},"long_lived":{"type":"bool","description_kind":"plain","optional":true},"sid":{"type":"string","description_kind":"plain","computed":true},"url":{"type":"string","description_kind":"plain","computed":true}},"block_types":{"integration":{"nesting_mode":"list","block":{"attributes":{"channel":{"type":"string","description_kind":"plain","optional":true},"creation_on_message":{"type":"bool","description_kind":"plain","optional":true},"flow_sid":{"type":"string","description_kind":"plain","optional":true},"priority":{"type":"number","description_kind":"plain","optional":true},"retry_count":{"type":"number","description_kind":"plain","optional":true,"computed":true},"timeout":{"type":"number","description_kind":"plain","optional":true,"computed":true},"url":{"type":"string","description_kind":"plain","optional":true},"workflow_sid":{"type":"string","description_kind":"plain","optional":true},"workspace_sid":{"type":"string","description_kind":"plain","optional":true}},"description_kind":"plain"},"min_items":1,"max_items":1},"timeouts":{"nesting_mode":"single","block":{"attributes":{"create":{"type":"string","description_kind":"plain","optional":true},"delete":{"type":"string","description_kind":"plain","optional":true},"read":{"type":"string","description_kind":"plain","optional":true},"update":{"type":"string","description_kind":"plain","optional":true}},"description_kind":"plain"}}},"description_kind":"plain"}},"twilio_flex_plugin":{"version":0,"block":{"attributes":{"account_sid":{"type":"string","description_kind":"plain","computed":true},"archived":{"type":"bool","description_kind":"plain","computed":true},"changelog":{"type":"string","description_kind":"plain","optional":true},"date_created":{"type":"string","description_kind":"plain","computed":true},"date_updated":{"type":"string","description_kind":"plain","computed":true},"description":{"type":"string","description_kind":"plain","optional":true},"friendly_name":{"type":"string","description_kind":"plain","optional":true,"computed":true},"id":{"type":"string","description_kind":"plain","optional":true,"computed":true},"latest_version_sid":{"type":"string","description_kind":"plain","computed":true},"plugin_url":{"type":"string","description_kind":"plain","required":true},"private":{"type":"bool","description_kind":"plain","optional":true},"sid":{"type":"string","description_kind":"plain","computed":true},"unique_name":{"type":"string","description_kind":"plain","required":true},"url":{"type":"string","description_kind":"plain","computed":true},"version":{"type":"string","description_kind":"plain","required":true},"version_archived":{"type":"bool","description_kind":"plain","computed":true}},"block_types":{"timeouts":{"nesting_mode":"single","block":{"attributes":{"create":{"type":"string","description_kind":"plain","optional":true},"read":{"type":"string","description_kind":"plain","optional":true},"update":{"type":"string","description_kind":"plain","optional":true}},"description_kind":"plain"}}},"description_kind":"plain"}},"twilio_flex_plugin_configuration":{"version":0,"block":{"attributes":{"account_sid":{"type":"string","description_kind":"plain","computed":true},"archived":{"type":"bool","description_kind":"plain","computed":true},"date_created":{"type":"string","description_kind":"plain","computed":true},"description":{"type":"string","description_kind":"plain","optional":true},"id":{"type":"string","description_kind":"plain","optional":true,"computed":true},"name":{"type":"string","description_kind":"plain","required":true},"sid":{"type":"string","description_kind":"plain","computed":true},"url":{"type":"string","description_kind":"plain","computed":true}},"block_types":{"plugins":{"nesting_mode":"list","block":{"attributes":{"date_created":{"type":"string","description_kind":"plain","computed":true},"phase":{"type":"number","description_kind":"plain","computed":true},"plugin_sid":{"type":"string","description_kind":"plain","computed":true},"plugin_url":{"type":"string","description_kind":"plain","computed":true},"plugin_version_sid":{"type":"string","description_kind":"plain","required":true},"private":{"type":"bool","description_kind":"plain","computed":true},"unique_name":{"type":"string","description_kind":"plain","computed":true},"url":{"type":"string","description_kind":"plain","computed":true},"version":{"type":"string","description_kind":"plain","computed":true}},"description_kind":"plain"}},"timeouts":{"nesting_mode":"single","block":{"attributes":{"create":{"type":"string","description_kind":"plain","optional":true},"read":{"type":"string","description_kind":"plain","optional":true}},"description_kind":"plain"}}},"description_kind":"plain"}},"twilio_flex_plugin_release":{"version":0,"block":{"attributes":{"account_sid":{"type":"string","description_kind":"plain","computed":true},"configuration_sid":{"type":"string","description_kind":"plain","required":true},"date_created":{"type":"string","description_kind":"plain","computed":true},"id":{"type":"string","description_kind":"plain","optional":true,"computed":true},"sid":{"type":"string","description_kind":"plain","computed":true},"url":{"type":"string","description_kind":"plain","computed":true}},"block_types":{"timeouts":{"nesting_mode":"single","block":{"attributes":{"create":{"type":"string","description_kind":"plain","optional":true},"read":{"type":"string","description_kind":"plain","optional":true}},"description_kind":"plain"}}},"description_kind":"plain"}},"twilio_iam_api_key":{"version":0,"block":{"attributes":{"account_sid":{"type":"string","description_kind":"plain","required":true},"date_created":{"type":"string","description_kind":"plain","computed":true},"date_updated":{"type":"string","description_kind":"plain","computed":true},"friendly_name":{"type":"string","description_kind":"plain","optional":true},"id":{"type":"string","description_kind":"plain","optional":true,"computed":true},"secret":{"type":"string","description_kind":"plain","computed":true,"sensitive":true},"sid":{"type":"string","description_kind":"plain","computed":true}},"block_types":{"timeouts":{"nesting_mode":"single","block":{"attributes":{"create":{"type":"string","description_kind":"plain","optional":true},"delete":{"type":"string","description_kind":"plain","optional":true},"read":{"type":"string","description_kind":"plain","optional":true},"update":{"type":"string","description_kind":"plain","optional":true}},"description_kind":"plain"}}},"description_kind":"plain"}},"twilio_messaging_alpha_sender":{"version":0,"block":{"attributes":{"account_sid":{"type":"string","description_kind":"plain","computed":true},"alpha_sender":{"type":"string","description_kind":"plain","required":true},"capabilities":{"type":["list","string"],"description_kind":"plain","computed":true},"date_created":{"type":"string","description_kind":"plain","computed":true},"date_updated":{"type":"string","description_kind":"plain","computed":true},"id":{"type":"string","description_kind":"plain","optional":true,"computed":true},"service_sid":{"type":"string","description_kind":"plain","required":true},"sid":{"type":"string","description_kind":"plain","computed":true},"url":{"type":"string","description_kind":"plain","computed":true}},"block_types":{"timeouts":{"nesting_mode":"single","block":{"attributes":{"create":{"type":"string","description_kind":"plain","optional":true},"delete":{"type":"string","description_kind":"plain","optional":true},"read":{"type":"string","description_kind":"plain","optional":true}},"description_kind":"plain"}}},"description_kind":"plain"}},"twilio_messaging_phone_number":{"version":0,"block":{"attributes":{"account_sid":{"type":"string","description_kind":"plain","computed":true},"capabilities":{"type":["list","string"],"description_kind":"plain","computed":true},"country_code":{"type":"string","description_kind":"plain","computed":true},"date_created":{"type":"string","description_kind":"plain","computed":true},"date_updated":{"type":"string","description_kind":"plain","computed":true},"id":{"type":"string","description_kind":"plain","optional":true,"computed":true},"phone_number":{"type":"string","description_kind":"plain","computed":true},"service_sid":{"type":"string","description_kind":"plain","required":true},"sid":{"type":"string","description_kind":"plain","required":true},"url":{"type":"string","description_kind":"plain","computed":true}},"block_types":{"timeouts":{"nesting_mode":"single","block":{"attributes":{"create":{"type":"string","description_kind":"plain","optional":true},"delete":{"type":"string","description_kind":"plain","optional":true},"read":{"type":"string","description_kind":"plain","optional":true}},"description_kind":"plain"}}},"description_kind":"plain"}},"twilio_messaging_service":{"version":0,"block":{"attributes":{"account_sid":{"type":"string","description_kind":"plain","computed":true},"area_code_geomatch":{"type":"bool","description_kind":"plain","optional":true},"date_created":{"type":"string","description_kind":"plain","computed":true},"date_updated":{"type":"string","description_kind":"plain","computed":true},"fallback_method":{"type":"string","description_kind":"plain","optional":true},"fallback_to_long_code":{"type":"bool","description_kind":"plain","optional":true},"fallback_url":{"type":"string","description_kind":"plain","optional":true},"friendly_name":{"type":"string","description_kind":"plain","required":true},"id":{"type":"string","description_kind":"plain","optional":true,"computed":true},"inbound_method":{"type":"string","description_kind":"plain","optional":true},"inbound_request_url":{"type":"string","description_kind":"plain","optional":true},"mms_converter":{"type":"bool","description_kind":"plain","optional":true},"sid":{"type":"string","description_kind":"plain","computed":true},"smart_encoding":{"type":"bool","description_kind":"plain","optional":true},"status_callback_url":{"type":"string","description_kind":"plain","optional":true},"sticky_sender":{"type":"bool","description_kind":"plain","optional":true},"url":{"type":"string","description_kind":"plain","computed":true},"validity_period":{"type":"number","description_kind":"plain","optional":true}},"block_types":{"timeouts":{"nesting_mode":"single","block":{"attributes":{"create":{"type":"string","description_kind":"plain","optional":true},"delete":{"type":"string","description_kind":"plain","optional":true},"read":{"type":"string","description_kind":"plain","optional":true},"update":{"type":"string","description_kind":"plain","optional":true}},"description_kind":"plain"}}},"description_kind":"plain"}},"twilio_messaging_short_code":{"version":0,"block":{"attributes":{"account_sid":{"type":"string","description_kind":"plain","computed":true},"capabilities":{"type":["list","string"],"description_kind":"plain","computed":true},"country_code":{"type":"string","description_kind":"plain","computed":true},"date_created":{"type":"string","description_kind":"plain","computed":true},"date_updated":{"type":"string","description_kind":"plain","computed":true},"id":{"type":"string","description_kind":"plain","optional":true,"computed":true},"service_sid":{"type":"string","description_kind":"plain","required":true},"short_code":{"type":"string","description_kind":"plain","computed":true},"sid":{"type":"string","description_kind":"plain","required":true},"url":{"type":"string","description_kind":"plain","computed":true}},"block_types":{"timeouts":{"nesting_mode":"single","block":{"attributes":{"create":{"type":"string","description_kind":"plain","optional":true},"delete":{"type":"string","description_kind":"plain","optional":true},"read":{"type":"string","description_kind":"plain","optional":true}},"description_kind":"plain"}}},"description_kind":"plain"}},"twilio_phone_number":{"version":0,"block":{"attributes":{"account_sid":{"type":"string","description_kind":"plain","required":true},"address_requirements":{"type":"string","description_kind":"plain","computed":true},"address_sid":{"type":"string","description_kind":"plain","optional":true},"area_code":{"type":"string","description_kind":"plain","optional":true},"beta":{"type":"bool","description_kind":"plain","computed":true},"bundle_sid":{"type":"string","description_kind":"plain","optional":true},"capabilities":{"type":["list",["object",{"fax":"bool","mms":"bool","sms":"bool","voice":"bool"}]],"description_kind":"plain","computed":true},"date_created":{"type":"string","description_kind":"plain","computed":true},"date_updated":{"type":"string","description_kind":"plain","computed":true},"emergency_address_sid":{"type":"string","description_kind":"plain","optional":true},"emergency_status":{"type":"string","description_kind":"plain","optional":true,"computed":true},"friendly_name":{"type":"string","description_kind":"plain","optional":true,"computed":true},"id":{"type":"string","description_kind":"plain","optional":true,"computed":true},"identity_sid":{"type":"string","description_kind":"plain","optional":true},"origin":{"type":"string","description_kind":"plain","computed":true},"phone_number":{"type":"string","description_kind":"plain","optional":true,"computed":true},"sid":{"type":"string","description_kind":"plain","computed":true},"status":{"type":"string","description_kind":"plain","computed":true},"status_callback_method":{"type":"string","description_kind":"plain","optional":true},"status_callback_url":{"type":"string","description_kind":"plain","optional":true},"trunk_sid":{"type":"string","description_kind":"plain","optional":true}},"block_types":{"fax":{"nesting_mode":"list","block":{"attributes":{"application_sid":{"type":"string","description_kind":"plain","optional":true},"fallback_method":{"type":"string","description_kind":"plain","optional":true},"fallback_url":{"type":"string","description_kind":"plain","optional":true},"method":{"type":"string","description_kind":"plain","optional":true},"url":{"type":"string","description_kind":"plain","optional":true}},"description_kind":"plain"},"max_items":1},"messaging":{"nesting_mode":"list","block":{"attributes":{"application_sid":{"type":"string","description_kind":"plain","optional":true},"fallback_method":{"type":"string","description_kind":"plain","optional":true},"fallback_url":{"type":"string","description_kind":"plain","optional":true},"method":{"type":"string","description_kind":"plain","optional":true},"url":{"type":"string","description_kind":"plain","optional":true}},"description_kind":"plain"},"max_items":1},"timeouts":{"nesting_mode":"single","block":{"attributes":{"create":{"type":"string","description_kind":"plain","optional":true},"delete":{"type":"string","description_kind":"plain","optional":true},"read":{"type":"string","description_kind":"plain","optional":true},"update":{"type":"string","description_kind":"plain","optional":true}},"description_kind":"plain"}},"voice":{"nesting_mode":"list","block":{"attributes":{"application_sid":{"type":"string","description_kind":"plain","optional":true},"caller_id_lookup":{"type":"bool","description_kind":"plain","optional":true},"fallback_method":{"type":"string","description_kind":"plain","optional":true},"fallback_url":{"type":"string","description_kind":"plain","optional":true},"method":{"type":"string","description_kind":"plain","optional":true},"url":{"type":"string","description_kind":"plain","optional":true}},"description_kind":"plain"},"max_items":1}},"description_kind":"plain"}},"twilio_proxy_phone_number":{"version":0,"block":{"attributes":{"account_sid":{"type":"string","description_kind":"plain","computed":true},"capabilities":{"type":["list",["object",{"fax_inbound":"bool","fax_outbound":"bool","mms_inbound":"bool","mms_outbound":"bool","restriction_fax_domestic":"bool","restriction_mms_domestic":"bool","restriction_sms_domestic":"bool","restriction_voice_domestic":"bool","sip_trunking":"bool","sms_inbound":"bool","sms_outbound":"bool","voice_inbound":"bool","voice_outbound":"bool"}]],"description_kind":"plain","computed":true},"date_created":{"type":"string","description_kind":"plain","computed":true},"date_updated":{"type":"string","description_kind":"plain","computed":true},"friendly_name":{"type":"string","description_kind":"plain","computed":true},"id":{"type":"string","description_kind":"plain","optional":true,"computed":true},"in_use":{"type":"number","description_kind":"plain","computed":true},"is_reserved":{"type":"bool","description_kind":"plain","optional":true},"iso_country":{"type":"string","description_kind":"plain","computed":true},"phone_number":{"type":"string","description_kind":"plain","optional":true,"computed":true},"service_sid":{"type":"string","description_kind":"plain","required":true},"sid":{"type":"string","description_kind":"plain","optional":true,"computed":true},"url":{"type":"string","description_kind":"plain","computed":true}},"block_types":{"timeouts":{"nesting_mode":"single","block":{"attributes":{"create":{"type":"string","description_kind":"plain","optional":true},"delete":{"type":"string","description_kind":"plain","optional":true},"read":{"type":"string","description_kind":"plain","optional":true},"update":{"type":"string","description_kind":"plain","optional":true}},"description_kind":"plain"}}},"description_kind":"plain"}},"twilio_proxy_service":{"version":0,"block":{"attributes":{"account_sid":{"type":"string","description_kind":"plain","computed":true},"callback_url":{"type":"string","description_kind":"plain","optional":true},"chat_instance_sid":{"type":"string","description_kind":"plain","optional":true},"date_created":{"type":"string","description_kind":"plain","computed":true},"date_updated":{"type":"string","description_kind":"plain","computed":true},"default_ttl":{"type":"number","description_kind":"plain","optional":true},"geo_match_level":{"type":"string","description_kind":"plain","optional":true},"id":{"type":"string","description_kind":"plain","optional":true,"computed":true},"intercept_callback_url":{"type":"string","description_kind":"plain","optional":true},"number_selection_behavior":{"type":"string","description_kind":"plain","optional":true},"out_of_session_callback_url":{"type":"string","description_kind":"plain","optional":true},"sid":{"type":"string","description_kind":"plain","computed":true},"unique_name":{"type":"string","description_kind":"plain","required":true},"url":{"type":"string","description_kind":"plain","computed":true}},"block_types":{"timeouts":{"nesting_mode":"single","block":{"attributes":{"create":{"type":"string","description_kind":"plain","optional":true},"delete":{"type":"string","description_kind":"plain","optional":true},"read":{"type":"string","description_kind":"plain","optional":true},"update":{"type":"string","description_kind":"plain","optional":true}},"description_kind":"plain"}}},"description_kind":"plain"}},"twilio_proxy_short_code":{"version":0,"block":{"attributes":{"account_sid":{"type":"string","description_kind":"plain","computed":true},"capabilities":{"type":["list",["object",{"fax_inbound":"bool","fax_outbound":"bool","mms_inbound":"bool","mms_outbound":"bool","restriction_fax_domestic":"bool","restriction_mms_domestic":"bool","restriction_sms_domestic":"bool","restriction_voice_domestic":"bool","sip_trunking":"bool","sms_inbound":"bool","sms_outbound":"bool","voice_inbound":"bool","voice_outbound":"bool"}]],"description_kind":"plain","computed":true},"date_created":{"type":"string","description_kind":"plain","computed":true},"date_updated":{"type":"string","description_kind":"plain","computed":true},"id":{"type":"string","description_kind":"plain","optional":true,"computed":true},"is_reserved":{"type":"bool","description_kind":"plain","optional":true},"iso_country":{"type":"string","description_kind":"plain","computed":true},"service_sid":{"type":"string","description_kind":"plain","required":true},"short_code":{"type":"string","description_kind":"plain","computed":true},"sid":{"type":"string","description_kind":"plain","required":true},"url":{"type":"string","description_kind":"plain","computed":true}},"block_types":{"timeouts":{"nesting_mode":"single","block":{"attributes":{"create":{"type":"string","description_kind":"plain","optional":true},"delete":{"type":"string","description_kind":"plain","optional":true},"read":{"type":"string","description_kind":"plain","optional":true},"update":{"type":"string","description_kind":"plain","optional":true}},"description_kind":"plain"}}},"description_kind":"plain"}},"twilio_serverless_asset":{"version":0,"block":{"attributes":{"account_sid":{"type":"string","description_kind":"plain","computed":true},"content":{"type":"string","description_kind":"plain","optional":true},"content_file_name":{"type":"string","description_kind":"plain","optional":true},"content_type":{"type":"string","description_kind":"plain","required":true},"date_created":{"type":"string","description_kind":"plain","computed":true},"date_updated":{"type":"string","description_kind":"plain","computed":true},"friendly_name":{"type":"string","description_kind":"plain","required":true},"id":{"type":"string","description_kind":"plain","optional":true,"computed":true},"latest_version_sid":{"type":"string","description_kind":"plain","computed":true},"path":{"type":"string","description_kind":"plain","required":true},"service_sid":{"type":"string","description_kind":"plain","required":true},"sid":{"type":"string","description_kind":"plain","computed":true},"source":{"type":"string","description_kind":"plain","optional":true},"source_hash":{"type":"string","description_kind":"plain","optional":true},"url":{"type":"string","description_kind":"plain","computed":true},"visibility":{"type":"string","description_kind":"plain","required":true}},"block_types":{"timeouts":{"nesting_mode":"single","block":{"attributes":{"create":{"type":"string","description_kind":"plain","optional":true},"delete":{"type":"string","description_kind":"plain","optional":true},"read":{"type":"string","description_kind":"plain","optional":true},"update":{"type":"string","description_kind":"plain","optional":true}},"description_kind":"plain"}}},"description_kind":"plain"}},"twilio_serverless_build":{"version":0,"block":{"attributes":{"account_sid":{"type":"string","description_kind":"plain","computed":true},"date_created":{"type":"string","description_kind":"plain","computed":true},"date_updated":{"type":"string","description_kind":"plain","computed":true},"dependencies":{"type":["map","string"],"description_kind":"plain","optional":true,"computed":true},"id":{"type":"string","description_kind":"plain","optional":true,"computed":true},"runtime":{"type":"string","description_kind":"plain","optional":true,"computed":true},"service_sid":{"type":"string","description_kind":"plain","required":true},"sid":{"type":"string","description_kind":"plain","computed":true},"status":{"type":"string","description_kind":"plain","computed":true},"triggers":{"type":["map","string"],"description_kind":"plain","optional":true},"url":{"type":"string","description_kind":"plain","computed":true}},"block_types":{"asset_version":{"nesting_mode":"list","block":{"attributes":{"account_sid":{"type":"string","description_kind":"plain","computed":true},"asset_sid":{"type":"string","description_kind":"plain","computed":true},"date_created":{"type":"string","description_kind":"plain","computed":true},"path":{"type":"string","description_kind":"plain","computed":true},"service_sid":{"type":"string","description_kind":"plain","computed":true},"sid":{"type":"string","description_kind":"plain","required":true},"visibility":{"type":"string","description_kind":"plain","computed":true}},"description_kind":"plain"}},"function_version":{"nesting_mode":"list","block":{"attributes":{"account_sid":{"type":"string","description_kind":"plain","computed":true},"date_created":{"type":"string","description_kind":"plain","computed":true},"function_sid":{"type":"string","description_kind":"plain","computed":true},"path":{"type":"string","description_kind":"plain","computed":true},"service_sid":{"type":"string","description_kind":"plain","computed":true},"sid":{"type":"string","description_kind":"plain","required":true},"visibility":{"type":"string","description_kind":"plain","computed":true}},"description_kind":"plain"}},"polling":{"nesting_mode":"list","block":{"attributes":{"delay_in_ms":{"type":"number","description_kind":"plain","optional":true},"enabled":{"type":"bool","description_kind":"plain","required":true},"max_attempts":{"type":"number","description_kind":"plain","optional":true}},"description_kind":"plain"},"max_items":1},"timeouts":{"nesting_mode":"single","block":{"attributes":{"create":{"type":"string","description_kind":"plain","optional":true},"delete":{"type":"string","description_kind":"plain","optional":true},"read":{"type":"string","description_kind":"plain","optional":true}},"description_kind":"plain"}}},"description_kind":"plain"}},"twilio_serverless_deployment":{"version":0,"block":{"attributes":{"account_sid":{"type":"string","description_kind":"plain","computed":true},"build_sid":{"type":"string","description_kind":"plain","optional":true},"date_created":{"type":"string","description_kind":"plain","computed":true},"date_updated":{"type":"string","description_kind":"plain","computed":true},"environment_sid":{"type":"string","description_kind":"plain","required":true},"id":{"type":"string","description_kind":"plain","optional":true,"computed":true},"is_latest_deployment":{"type":"bool","description_kind":"plain","computed":true},"service_sid":{"type":"string","description_kind":"plain","required":true},"sid":{"type":"string","description_kind":"plain","computed":true},"triggers":{"type":["map","string"],"description_kind":"plain","optional":true},"url":{"type":"string","description_kind":"plain","computed":true}},"block_types":{"timeouts":{"nesting_mode":"single","block":{"attributes":{"create":{"type":"string","description_kind":"plain","optional":true},"delete":{"type":"string","description_kind":"plain","optional":true},"read":{"type":"string","description_kind":"plain","optional":true}},"description_kind":"plain"}}},"description_kind":"plain"}},"twilio_serverless_environment":{"version":0,"block":{"attributes":{"account_sid":{"type":"string","description_kind":"plain","computed":true},"build_sid":{"type":"string","description_kind":"plain","computed":true},"date_created":{"type":"string","description_kind":"plain","computed":true},"date_updated":{"type":"string","description_kind":"plain","computed":true},"domain_name":{"type":"string","description_kind":"plain","computed":true},"domain_suffix":{"type":"string","description_kind":"plain","optional":true},"id":{"type":"string","description_kind":"plain","optional":true,"computed":true},"service_sid":{"type":"string","description_kind":"plain","required":true},"sid":{"type":"string","description_kind":"plain","computed":true},"unique_name":{"type":"string","description_kind":"plain","required":true},"url":{"type":"string","description_kind":"plain","computed":true}},"block_types":{"timeouts":{"nesting_mode":"single","block":{"attributes":{"create":{"type":"string","description_kind":"plain","optional":true},"delete":{"type":"string","description_kind":"plain","optional":true},"read":{"type":"string","description_kind":"plain","optional":true}},"description_kind":"plain"}}},"description_kind":"plain"}},"twilio_serverless_function":{"version":0,"block":{"attributes":{"account_sid":{"type":"string","description_kind":"plain","computed":true},"content":{"type":"string","description_kind":"plain","optional":true,"computed":true},"content_file_name":{"type":"string","description_kind":"plain","optional":true},"content_type":{"type":"string","description_kind":"plain","required":true},"date_created":{"type":"string","description_kind":"plain","computed":true},"date_updated":{"type":"string","description_kind":"plain","computed":true},"friendly_name":{"type":"string","description_kind":"plain","required":true},"id":{"type":"string","description_kind":"plain","optional":true,"computed":true},"latest_version_sid":{"type":"string","description_kind":"plain","computed":true},"path":{"type":"string","description_kind":"plain","required":true},"service_sid":{"type":"string","description_kind":"plain","required":true},"sid":{"type":"string","description_kind":"plain","computed":true},"source":{"type":"string","description_kind":"plain","optional":true},"source_hash":{"type":"string","description_kind":"plain","optional":true},"url":{"type":"string","description_kind":"plain","computed":true},"visibility":{"type":"string","description_kind":"plain","required":true}},"block_types":{"timeouts":{"nesting_mode":"single","block":{"attributes":{"create":{"type":"string","description_kind":"plain","optional":true},"delete":{"type":"string","description_kind":"plain","optional":true},"read":{"type":"string","description_kind":"plain","optional":true},"update":{"type":"string","description_kind":"plain","optional":true}},"description_kind":"plain"}}},"description_kind":"plain"}},"twilio_serverless_service":{"version":0,"block":{"attributes":{"account_sid":{"type":"string","description_kind":"plain","computed":true},"date_created":{"type":"string","description_kind":"plain","computed":true},"date_updated":{"type":"string","description_kind":"plain","computed":true},"friendly_name":{"type":"string","description_kind":"plain","required":true},"id":{"type":"string","description_kind":"plain","optional":true,"computed":true},"include_credentials":{"type":"bool","description_kind":"plain","optional":true},"sid":{"type":"string","description_kind":"plain","computed":true},"ui_editable":{"type":"bool","description_kind":"plain","optional":true},"unique_name":{"type":"string","description_kind":"plain","required":true},"url":{"type":"string","description_kind":"plain","computed":true}},"block_types":{"timeouts":{"nesting_mode":"single","block":{"attributes":{"create":{"type":"string","description_kind":"plain","optional":true},"delete":{"type":"string","description_kind":"plain","optional":true},"read":{"type":"string","description_kind":"plain","optional":true},"update":{"type":"string","description_kind":"plain","optional":true}},"description_kind":"plain"}}},"description_kind":"plain"}},"twilio_serverless_variable":{"version":0,"block":{"attributes":{"account_sid":{"type":"string","description_kind":"plain","computed":true},"date_created":{"type":"string","description_kind":"plain","computed":true},"date_updated":{"type":"string","description_kind":"plain","computed":true},"environment_sid":{"type":"string","description_kind":"plain","required":true},"id":{"type":"string","description_kind":"plain","optional":true,"computed":true},"key":{"type":"string","description_kind":"plain","required":true},"service_sid":{"type":"string","description_kind":"plain","required":true},"sid":{"type":"string","description_kind":"plain","computed":true},"url":{"type":"string","description_kind":"plain","computed":true},"value":{"type":"string","description_kind":"plain","required":true}},"block_types":{"timeouts":{"nesting_mode":"single","block":{"attributes":{"create":{"type":"string","description_kind":"plain","optional":true},"delete":{"type":"string","description_kind":"plain","optional":true},"read":{"type":"string","description_kind":"plain","optional":true},"update":{"type":"string","description_kind":"plain","optional":true}},"description_kind":"plain"}}},"description_kind":"plain"}},"twilio_sip_credential":{"version":0,"block":{"attributes":{"account_sid":{"type":"string","description_kind":"plain","required":true},"credential_list_sid":{"type":"string","description_kind":"plain","required":true},"date_created":{"type":"string","description_kind":"plain","computed":true},"date_updated":{"type":"string","description_kind":"plain","computed":true},"id":{"type":"string","description_kind":"plain","optional":true,"computed":true},"password":{"type":"string","description_kind":"plain","required":true,"sensitive":true},"sid":{"type":"string","description_kind":"plain","computed":true},"username":{"type":"string","description_kind":"plain","required":true}},"block_types":{"timeouts":{"nesting_mode":"single","block":{"attributes":{"create":{"type":"string","description_kind":"plain","optional":true},"delete":{"type":"string","description_kind":"plain","optional":true},"read":{"type":"string","description_kind":"plain","optional":true},"update":{"type":"string","description_kind":"plain","optional":true}},"description_kind":"plain"}}},"description_kind":"plain"}},"twilio_sip_credential_list":{"version":0,"block":{"attributes":{"account_sid":{"type":"string","description_kind":"plain","required":true},"date_created":{"type":"string","description_kind":"plain","computed":true},"date_updated":{"type":"string","description_kind":"plain","computed":true},"friendly_name":{"type":"string","description_kind":"plain","required":true},"id":{"type":"string","description_kind":"plain","optional":true,"computed":true},"sid":{"type":"string","description_kind":"plain","computed":true}},"block_types":{"timeouts":{"nesting_mode":"single","block":{"attributes":{"create":{"type":"string","description_kind":"plain","optional":true},"delete":{"type":"string","description_kind":"plain","optional":true},"read":{"type":"string","description_kind":"plain","optional":true},"update":{"type":"string","description_kind":"plain","optional":true}},"description_kind":"plain"}}},"description_kind":"plain"}},"twilio_sip_domain":{"version":0,"block":{"attributes":{"account_sid":{"type":"string","description_kind":"plain","required":true},"auth_type":{"type":"string","description_kind":"plain","computed":true},"byoc_trunk_sid":{"type":"string","description_kind":"plain","optional":true},"date_created":{"type":"string","description_kind":"plain","computed":true},"date_updated":{"type":"string","description_kind":"plain","computed":true},"domain_name":{"type":"string","description_kind":"plain","required":true},"friendly_name":{"type":"string","description_kind":"plain","optional":true},"id":{"type":"string","description_kind":"plain","optional":true,"computed":true},"secure":{"type":"bool","description_kind":"plain","optional":true},"sid":{"type":"string","description_kind":"plain","computed":true},"sip_registration":{"type":"bool","description_kind":"plain","optional":true}},"block_types":{"emergency":{"nesting_mode":"list","block":{"attributes":{"caller_sid":{"type":"string","description_kind":"plain","optional":true},"calling_enabled":{"type":"bool","description_kind":"plain","optional":true}},"description_kind":"plain"},"max_items":1},"timeouts":{"nesting_mode":"single","block":{"attributes":{"create":{"type":"string","description_kind":"plain","optional":true},"delete":{"type":"string","description_kind":"plain","optional":true},"read":{"type":"string","description_kind":"plain","optional":true},"update":{"type":"string","description_kind":"plain","optional":true}},"description_kind":"plain"}},"voice":{"nesting_mode":"list","block":{"attributes":{"fallback_method":{"type":"string","description_kind":"plain","optional":true},"fallback_url":{"type":"string","description_kind":"plain","optional":true},"method":{"type":"string","description_kind":"plain","optional":true},"status_callback_method":{"type":"string","description_kind":"plain","optional":true},"status_callback_url":{"type":"string","description_kind":"plain","optional":true},"url":{"type":"string","description_kind":"plain","optional":true}},"description_kind":"plain"},"max_items":1}},"description_kind":"plain"}},"twilio_sip_domain_credential_list_mapping":{"version":0,"block":{"attributes":{"account_sid":{"type":"string","description_kind":"plain","required":true},"credential_list_sid":{"type":"string","description_kind":"plain","required":true},"date_created":{"type":"string","description_kind":"plain","computed":true},"date_updated":{"type":"string","description_kind":"plain","computed":true},"domain_sid":{"type":"string","description_kind":"plain","required":true},"friendly_name":{"type":"string","description_kind":"plain","computed":true},"id":{"type":"string","description_kind":"plain","optional":true,"computed":true},"sid":{"type":"string","description_kind":"plain","computed":true}},"block_types":{"timeouts":{"nesting_mode":"single","block":{"attributes":{"create":{"type":"string","description_kind":"plain","optional":true},"delete":{"type":"string","description_kind":"plain","optional":true},"read":{"type":"string","description_kind":"plain","optional":true}},"description_kind":"plain"}}},"description_kind":"plain"}},"twilio_sip_domain_ip_access_control_list_mapping":{"version":0,"block":{"attributes":{"account_sid":{"type":"string","description_kind":"plain","required":true},"date_created":{"type":"string","description_kind":"plain","computed":true},"date_updated":{"type":"string","description_kind":"plain","computed":true},"domain_sid":{"type":"string","description_kind":"plain","required":true},"friendly_name":{"type":"string","description_kind":"plain","computed":true},"id":{"type":"string","description_kind":"plain","optional":true,"computed":true},"ip_access_control_list_sid":{"type":"string","description_kind":"plain","required":true},"sid":{"type":"string","description_kind":"plain","computed":true}},"block_types":{"timeouts":{"nesting_mode":"single","block":{"attributes":{"create":{"type":"string","description_kind":"plain","optional":true},"delete":{"type":"string","description_kind":"plain","optional":true},"read":{"type":"string","description_kind":"plain","optional":true}},"description_kind":"plain"}}},"description_kind":"plain"}},"twilio_sip_ip_access_control_list":{"version":0,"block":{"attributes":{"account_sid":{"type":"string","description_kind":"plain","required":true},"date_created":{"type":"string","description_kind":"plain","computed":true},"date_updated":{"type":"string","description_kind":"plain","computed":true},"friendly_name":{"type":"string","description_kind":"plain","required":true},"id":{"type":"string","description_kind":"plain","optional":true,"computed":true},"sid":{"type":"string","description_kind":"plain","computed":true}},"block_types":{"timeouts":{"nesting_mode":"single","block":{"attributes":{"create":{"type":"string","description_kind":"plain","optional":true},"delete":{"type":"string","description_kind":"plain","optional":true},"read":{"type":"string","description_kind":"plain","optional":true},"update":{"type":"string","description_kind":"plain","optional":true}},"description_kind":"plain"}}},"description_kind":"plain"}},"twilio_sip_ip_address":{"version":0,"block":{"attributes":{"account_sid":{"type":"string","description_kind":"plain","required":true},"cidr_length_prefix":{"type":"number","description_kind":"plain","optional":true},"date_created":{"type":"string","description_kind":"plain","computed":true},"date_updated":{"type":"string","description_kind":"plain","computed":true},"friendly_name":{"type":"string","description_kind":"plain","required":true},"id":{"type":"string","description_kind":"plain","optional":true,"computed":true},"ip_access_control_list_sid":{"type":"string","description_kind":"plain","required":true},"ip_address":{"type":"string","description_kind":"plain","required":true},"sid":{"type":"string","description_kind":"plain","computed":true}},"block_types":{"timeouts":{"nesting_mode":"single","block":{"attributes":{"create":{"type":"string","description_kind":"plain","optional":true},"delete":{"type":"string","description_kind":"plain","optional":true},"read":{"type":"string","description_kind":"plain","optional":true},"update":{"type":"string","description_kind":"plain","optional":true}},"description_kind":"plain"}}},"description_kind":"plain"}},"twilio_sip_trunking_credential_list":{"version":0,"block":{"attributes":{"account_sid":{"type":"string","description_kind":"plain","computed":true},"credential_list_sid":{"type":"string","description_kind":"plain","required":true},"date_created":{"type":"string","description_kind":"plain","computed":true},"date_updated":{"type":"string","description_kind":"plain","computed":true},"friendly_name":{"type":"string","description_kind":"plain","computed":true},"id":{"type":"string","description_kind":"plain","optional":true,"computed":true},"sid":{"type":"string","description_kind":"plain","computed":true},"trunk_sid":{"type":"string","description_kind":"plain","required":true},"url":{"type":"string","description_kind":"plain","computed":true}},"block_types":{"timeouts":{"nesting_mode":"single","block":{"attributes":{"create":{"type":"string","description_kind":"plain","optional":true},"delete":{"type":"string","description_kind":"plain","optional":true},"read":{"type":"string","description_kind":"plain","optional":true}},"description_kind":"plain"}}},"description_kind":"plain"}},"twilio_sip_trunking_ip_access_control_list":{"version":0,"block":{"attributes":{"account_sid":{"type":"string","description_kind":"plain","computed":true},"date_created":{"type":"string","description_kind":"plain","computed":true},"date_updated":{"type":"string","description_kind":"plain","computed":true},"friendly_name":{"type":"string","description_kind":"plain","computed":true},"id":{"type":"string","description_kind":"plain","optional":true,"computed":true},"ip_access_control_list_sid":{"type":"string","description_kind":"plain","required":true},"sid":{"type":"string","description_kind":"plain","computed":true},"trunk_sid":{"type":"string","description_kind":"plain","required":true},"url":{"type":"string","description_kind":"plain","computed":true}},"block_types":{"timeouts":{"nesting_mode":"single","block":{"attributes":{"create":{"type":"string","description_kind":"plain","optional":true},"delete":{"type":"string","description_kind":"plain","optional":true},"read":{"type":"string","description_kind":"plain","optional":true}},"description_kind":"plain"}}},"description_kind":"plain"}},"twilio_sip_trunking_origination_url":{"version":0,"block":{"attributes":{"account_sid":{"type":"string","description_kind":"plain","computed":true},"date_created":{"type":"string","description_kind":"plain","computed":true},"date_updated":{"type":"string","description_kind":"plain","computed":true},"enabled":{"type":"bool","description_kind":"plain","required":true},"friendly_name":{"type":"string","description_kind":"plain","required":true},"id":{"type":"string","description_kind":"plain","optional":true,"computed":true},"priority":{"type":"number","description_kind":"plain","required":true},"sid":{"type":"string","description_kind":"plain","computed":true},"sip_url":{"type":"string","description_kind":"plain","required":true},"trunk_sid":{"type":"string","description_kind":"plain","required":true},"url":{"type":"string","description_kind":"plain","computed":true},"weight":{"type":"number","description_kind":"plain","required":true}},"block_types":{"timeouts":{"nesting_mode":"single","block":{"attributes":{"create":{"type":"string","description_kind":"plain","optional":true},"delete":{"type":"string","description_kind":"plain","optional":true},"read":{"type":"string","description_kind":"plain","optional":true},"update":{"type":"string","description_kind":"plain","optional":true}},"description_kind":"plain"}}},"description_kind":"plain"}},"twilio_sip_trunking_phone_number":{"version":0,"block":{"attributes":{"account_sid":{"type":"string","description_kind":"plain","computed":true},"address_requirements":{"type":"string","description_kind":"plain","computed":true},"beta":{"type":"bool","description_kind":"plain","computed":true},"capabilities":{"type":["list",["object",{"fax":"bool","mms":"bool","sms":"bool","voice":"bool"}]],"description_kind":"plain","computed":true},"date_created":{"type":"string","description_kind":"plain","computed":true},"date_updated":{"type":"string","description_kind":"plain","computed":true},"fax":{"type":["list",["object",{"application_sid":"string","fallback_method":"string","fallback_url":"string","method":"string","url":"string"}]],"description_kind":"plain","computed":true},"friendly_name":{"type":"string","description_kind":"plain","computed":true},"id":{"type":"string","description_kind":"plain","optional":true,"computed":true},"messaging":{"type":["list",["object",{"application_sid":"string","fallback_method":"string","fallback_url":"string","method":"string","url":"string"}]],"description_kind":"plain","computed":true},"phone_number":{"type":"string","description_kind":"plain","computed":true},"phone_number_sid":{"type":"string","description_kind":"plain","required":true},"sid":{"type":"string","description_kind":"plain","computed":true},"status_callback_method":{"type":"string","description_kind":"plain","computed":true},"status_callback_url":{"type":"string","description_kind":"plain","computed":true},"trunk_sid":{"type":"string","description_kind":"plain","required":true},"url":{"type":"string","description_kind":"plain","computed":true},"voice":{"type":["list",["object",{"application_sid":"string","caller_id_lookup":"bool","fallback_method":"string","fallback_url":"string","method":"string","url":"string"}]],"description_kind":"plain","computed":true}},"block_types":{"timeouts":{"nesting_mode":"single","block":{"attributes":{"create":{"type":"string","description_kind":"plain","optional":true},"delete":{"type":"string","description_kind":"plain","optional":true},"read":{"type":"string","description_kind":"plain","optional":true}},"description_kind":"plain"}}},"description_kind":"plain"}},"twilio_sip_trunking_trunk":{"version":0,"block":{"attributes":{"account_sid":{"type":"string","description_kind":"plain","computed":true},"auth_type":{"type":"string","description_kind":"plain","computed":true},"auth_type_set":{"type":["list","string"],"description_kind":"plain","computed":true},"cnam_lookup_enabled":{"type":"bool","description_kind":"plain","optional":true},"date_created":{"type":"string","description_kind":"plain","computed":true},"date_updated":{"type":"string","description_kind":"plain","computed":true},"disaster_recovery_method":{"type":"string","description_kind":"plain","optional":true},"disaster_recovery_url":{"type":"string","description_kind":"plain","optional":true},"domain_name":{"type":"string","description_kind":"plain","optional":true},"friendly_name":{"type":"string","description_kind":"plain","optional":true},"id":{"type":"string","description_kind":"plain","optional":true,"computed":true},"secure":{"type":"bool","description_kind":"plain","optional":true},"sid":{"type":"string","description_kind":"plain","computed":true},"transfer_mode":{"type":"string","description_kind":"plain","optional":true},"url":{"type":"string","description_kind":"plain","computed":true}},"block_types":{"recording":{"nesting_mode":"list","block":{"attributes":{"mode":{"type":"string","description_kind":"plain","optional":true},"trim":{"type":"string","description_kind":"plain","optional":true}},"description_kind":"plain"},"max_items":1},"timeouts":{"nesting_mode":"single","block":{"attributes":{"create":{"type":"string","description_kind":"plain","optional":true},"delete":{"type":"string","description_kind":"plain","optional":true},"read":{"type":"string","description_kind":"plain","optional":true},"update":{"type":"string","description_kind":"plain","optional":true}},"description_kind":"plain"}}},"description_kind":"plain"}},"twilio_studio_flow":{"version":0,"block":{"attributes":{"account_sid":{"type":"string","description_kind":"plain","computed":true},"commit_message":{"type":"string","description_kind":"plain","optional":true},"date_created":{"type":"string","description_kind":"plain","computed":true},"date_updated":{"type":"string","description_kind":"plain","computed":true},"definition":{"type":"string","description_kind":"plain","required":true},"friendly_name":{"type":"string","description_kind":"plain","required":true},"id":{"type":"string","description_kind":"plain","optional":true,"computed":true},"revision":{"type":"number","description_kind":"plain","computed":true},"sid":{"type":"string","description_kind":"plain","computed":true},"status":{"type":"string","description_kind":"plain","required":true},"url":{"type":"string","description_kind":"plain","computed":true},"valid":{"type":"bool","description_kind":"plain","computed":true},"validate":{"type":"bool","description_kind":"plain","optional":true},"webhook_url":{"type":"string","description_kind":"plain","computed":true}},"block_types":{"timeouts":{"nesting_mode":"single","block":{"attributes":{"create":{"type":"string","description_kind":"plain","optional":true},"delete":{"type":"string","description_kind":"plain","optional":true},"read":{"type":"string","description_kind":"plain","optional":true},"update":{"type":"string","description_kind":"plain","optional":true}},"description_kind":"plain"}}},"description_kind":"plain"}},"twilio_taskrouter_activity":{"version":0,"block":{"attributes":{"account_sid":{"type":"string","description_kind":"plain","computed":true},"available":{"type":"bool","description_kind":"plain","optional":true},"date_created":{"type":"string","description_kind":"plain","computed":true},"date_updated":{"type":"string","description_kind":"plain","computed":true},"friendly_name":{"type":"string","description_kind":"plain","required":true},"id":{"type":"string","description_kind":"plain","optional":true,"computed":true},"sid":{"type":"string","description_kind":"plain","computed":true},"url":{"type":"string","description_kind":"plain","computed":true},"workspace_sid":{"type":"string","description_kind":"plain","required":true}},"block_types":{"timeouts":{"nesting_mode":"single","block":{"attributes":{"create":{"type":"string","description_kind":"plain","optional":true},"delete":{"type":"string","description_kind":"plain","optional":true},"read":{"type":"string","description_kind":"plain","optional":true},"update":{"type":"string","description_kind":"plain","optional":true}},"description_kind":"plain"}}},"description_kind":"plain"}},"twilio_taskrouter_task_channel":{"version":0,"block":{"attributes":{"account_sid":{"type":"string","description_kind":"plain","computed":true},"channel_optimized_routing":{"type":"bool","description_kind":"plain","optional":true},"date_created":{"type":"string","description_kind":"plain","computed":true},"date_updated":{"type":"string","description_kind":"plain","computed":true},"friendly_name":{"type":"string","description_kind":"plain","required":true},"id":{"type":"string","description_kind":"plain","optional":true,"computed":true},"sid":{"type":"string","description_kind":"plain","computed":true},"unique_name":{"type":"string","description_kind":"plain","required":true},"url":{"type":"string","description_kind":"plain","computed":true},"workspace_sid":{"type":"string","description_kind":"plain","required":true}},"block_types":{"timeouts":{"nesting_mode":"single","block":{"attributes":{"create":{"type":"string","description_kind":"plain","optional":true},"delete":{"type":"string","description_kind":"plain","optional":true},"read":{"type":"string","description_kind":"plain","optional":true},"update":{"type":"string","description_kind":"plain","optional":true}},"description_kind":"plain"}}},"description_kind":"plain"}},"twilio_taskrouter_task_queue":{"version":0,"block":{"attributes":{"account_sid":{"type":"string","description_kind":"plain","computed":true},"assignment_activity_name":{"type":"string","description_kind":"plain","computed":true},"assignment_activity_sid":{"type":"string","description_kind":"plain","optional":true},"date_created":{"type":"string","description_kind":"plain","computed":true},"date_updated":{"type":"string","description_kind":"plain","computed":true},"friendly_name":{"type":"string","description_kind":"plain","required":true},"id":{"type":"string","description_kind":"plain","optional":true,"computed":true},"max_reserved_workers":{"type":"number","description_kind":"plain","optional":true},"reservation_activity_name":{"type":"string","description_kind":"plain","computed":true},"reservation_activity_sid":{"type":"string","description_kind":"plain","optional":true},"sid":{"type":"string","description_kind":"plain","computed":true},"target_workers":{"type":"string","description_kind":"plain","optional":true},"task_order":{"type":"string","description_kind":"plain","optional":true},"url":{"type":"string","description_kind":"plain","computed":true},"workspace_sid":{"type":"string","description_kind":"plain","required":true}},"block_types":{"timeouts":{"nesting_mode":"single","block":{"attributes":{"create":{"type":"string","description_kind":"plain","optional":true},"delete":{"type":"string","description_kind":"plain","optional":true},"read":{"type":"string","description_kind":"plain","optional":true},"update":{"type":"string","description_kind":"plain","optional":true}},"description_kind":"plain"}}},"description_kind":"plain"}},"twilio_taskrouter_worker":{"version":0,"block":{"attributes":{"account_sid":{"type":"string","description_kind":"plain","computed":true},"activity_name":{"type":"string","description_kind":"plain","computed":true},"activity_sid":{"type":"string","description_kind":"plain","optional":true,"computed":true},"attributes":{"type":"string","description_kind":"plain","optional":true},"available":{"type":"bool","description_kind":"plain","computed":true},"date_created":{"type":"string","description_kind":"plain","computed":true},"date_status_changed":{"type":"string","description_kind":"plain","computed":true},"date_updated":{"type":"string","description_kind":"plain","computed":true},"friendly_name":{"type":"string","description_kind":"plain","required":true},"id":{"type":"string","description_kind":"plain","optional":true,"computed":true},"sid":{"type":"string","description_kind":"plain","computed":true},"url":{"type":"string","description_kind":"plain","computed":true},"workspace_sid":{"type":"string","description_kind":"plain","required":true}},"block_types":{"timeouts":{"nesting_mode":"single","block":{"attributes":{"create":{"type":"string","description_kind":"plain","optional":true},"delete":{"type":"string","description_kind":"plain","optional":true},"read":{"type":"string","description_kind":"plain","optional":true},"update":{"type":"string","description_kind":"plain","optional":true}},"description_kind":"plain"}}},"description_kind":"plain"}},"twilio_taskrouter_workflow":{"version":0,"block":{"attributes":{"account_sid":{"type":"string","description_kind":"plain","computed":true},"assignment_callback_url":{"type":"string","description_kind":"plain","optional":true},"configuration":{"type":"string","description_kind":"plain","required":true},"date_created":{"type":"string","description_kind":"plain","computed":true},"date_updated":{"type":"string","description_kind":"plain","computed":true},"document_content_type":{"type":"string","description_kind":"plain","computed":true},"fallback_assignment_callback_url":{"type":"string","description_kind":"plain","optional":true},"friendly_name":{"type":"string","description_kind":"plain","required":true},"id":{"type":"string","description_kind":"plain","optional":true,"computed":true},"sid":{"type":"string","description_kind":"plain","computed":true},"task_reservation_timeout":{"type":"number","description_kind":"plain","optional":true},"url":{"type":"string","description_kind":"plain","computed":true},"workspace_sid":{"type":"string","description_kind":"plain","required":true}},"block_types":{"timeouts":{"nesting_mode":"single","block":{"attributes":{"create":{"type":"string","description_kind":"plain","optional":true},"delete":{"type":"string","description_kind":"plain","optional":true},"read":{"type":"string","description_kind":"plain","optional":true},"update":{"type":"string","description_kind":"plain","optional":true}},"description_kind":"plain"}}},"description_kind":"plain"}},"twilio_taskrouter_workspace":{"version":0,"block":{"attributes":{"account_sid":{"type":"string","description_kind":"plain","computed":true},"date_created":{"type":"string","description_kind":"plain","computed":true},"date_updated":{"type":"string","description_kind":"plain","computed":true},"default_activity_name":{"type":"string","description_kind":"plain","computed":true},"default_activity_sid":{"type":"string","description_kind":"plain","computed":true},"event_callback_url":{"type":"string","description_kind":"plain","optional":true},"event_filters":{"type":["list","string"],"description_kind":"plain","optional":true},"friendly_name":{"type":"string","description_kind":"plain","required":true},"id":{"type":"string","description_kind":"plain","optional":true,"computed":true},"multi_task_enabled":{"type":"bool","description_kind":"plain","optional":true},"prioritize_queue_order":{"type":"string","description_kind":"plain","optional":true},"sid":{"type":"string","description_kind":"plain","computed":true},"template":{"type":"string","description_kind":"plain","optional":true},"timeout_activity_name":{"type":"string","description_kind":"plain","computed":true},"timeout_activity_sid":{"type":"string","description_kind":"plain","computed":true},"url":{"type":"string","description_kind":"plain","computed":true}},"block_types":{"timeouts":{"nesting_mode":"single","block":{"attributes":{"create":{"type":"string","description_kind":"plain","optional":true},"delete":{"type":"string","description_kind":"plain","optional":true},"read":{"type":"string","description_kind":"plain","optional":true},"update":{"type":"string","description_kind":"plain","optional":true}},"description_kind":"plain"}}},"description_kind":"plain"}},"twilio_video_composition_hook":{"version":0,"block":{"attributes":{"account_sid":{"type":"string","description_kind":"plain","computed":true},"audio_sources":{"type":["list","string"],"description_kind":"plain","optional":true},"audio_sources_excluded":{"type":["list","string"],"description_kind":"plain","optional":true},"date_created":{"type":"string","description_kind":"plain","computed":true},"date_updated":{"type":"string","description_kind":"plain","computed":true},"enabled":{"type":"bool","description_kind":"plain","optional":true},"format":{"type":"string","description_kind":"plain","optional":true},"friendly_name":{"type":"string","description_kind":"plain","required":true},"id":{"type":"string","description_kind":"plain","optional":true,"computed":true},"resolution":{"type":"string","description_kind":"plain","optional":true},"sid":{"type":"string","description_kind":"plain","computed":true},"status_callback_method":{"type":"string","description_kind":"plain","optional":true},"status_callback_url":{"type":"string","description_kind":"plain","optional":true},"trim":{"type":"bool","description_kind":"plain","optional":true},"url":{"type":"string","description_kind":"plain","computed":true},"video_layout":{"type":"string","description_kind":"plain","optional":true}},"block_types":{"timeouts":{"nesting_mode":"single","block":{"attributes":{"create":{"type":"string","description_kind":"plain","optional":true},"delete":{"type":"string","description_kind":"plain","optional":true},"read":{"type":"string","description_kind":"plain","optional":true},"update":{"type":"string","description_kind":"plain","optional":true}},"description_kind":"plain"}}},"description_kind":"plain"}},"twilio_voice_queue":{"version":0,"block":{"attributes":{"account_sid":{"type":"string","description_kind":"plain","required":true},"average_wait_time":{"type":"number","description_kind":"plain","computed":true},"current_size":{"type":"number","description_kind":"plain","computed":true},"date_created":{"type":"string","description_kind":"plain","computed":true},"date_updated":{"type":"string","description_kind":"plain","computed":true},"friendly_name":{"type":"string","description_kind":"plain","required":true},"id":{"type":"string","description_kind":"plain","optional":true,"computed":true},"max_size":{"type":"number","description_kind":"plain","optional":true},"sid":{"type":"string","description_kind":"plain","computed":true}},"block_types":{"timeouts":{"nesting_mode":"single","block":{"attributes":{"create":{"type":"string","description_kind":"plain","optional":true},"delete":{"type":"string","description_kind":"plain","optional":true},"read":{"type":"string","description_kind":"plain","optional":true},"update":{"type":"string","description_kind":"plain","optional":true}},"description_kind":"plain"}}},"description_kind":"plain"}}},"data_source_schemas":{"twilio_account_address":{"version":0,"block":{"attributes":{"account_sid":{"type":"string","description_kind":"plain","required":true},"city":{"type":"string","description_kind":"plain","computed":true},"customer_name":{"type":"string","description_kind":"plain","computed":true},"date_created":{"type":"string","description_kind":"plain","computed":true},"date_updated":{"type":"string","description_kind":"plain","computed":true},"emergency_enabled":{"type":"bool","description_kind":"plain","computed":true},"friendly_name":{"type":"string","description_kind":"plain","computed":true},"id":{"type":"string","description_kind":"plain","optional":true,"computed":true},"iso_country":{"type":"string","description_kind":"plain","computed":true},"postal_code":{"type":"string","description_kind":"plain","computed":true},"region":{"type":"string","description_kind":"plain","computed":true},"sid":{"type":"string","description_kind":"plain","required":true},"street":{"type":"string","description_kind":"plain","computed":true},"street_secondary":{"type":"string","description_kind":"plain","computed":true},"validated":{"type":"bool","description_kind":"plain","computed":true},"verified":{"type":"bool","description_kind":"plain","computed":true}},"block_types":{"timeouts":{"nesting_mode":"single","block":{"attributes":{"read":{"type":"string","description_kind":"plain","optional":true}},"description_kind":"plain"}}},"description_kind":"plain"}},"twilio_account_addresses":{"version":0,"block":{"attributes":{"account_sid":{"type":"string","description_kind":"plain","required":true},"addresses":{"type":["list",["object",{"city":"string","customer_name":"string","date_created":"string","date_updated":"string","emergency_enabled":"bool","friendly_name":"string","iso_country":"string","postal_code":"string","region":"string","sid":"string","street":"string","street_secondary":"string","validated":"bool","verified":"bool"}]],"description_kind":"plain","computed":true},"id":{"type":"string","description_kind":"plain","optional":true,"computed":true}},"block_types":{"timeouts":{"nesting_mode":"single","block":{"attributes":{"read":{"type":"string","description_kind":"plain","optional":true}},"description_kind":"plain"}}},"description_kind":"plain"}},"twilio_account_balance":{"version":0,"block":{"attributes":{"account_sid":{"type":"string","description_kind":"plain","required":true},"balance":{"type":"string","description_kind":"plain","computed":true},"currency":{"type":"string","description_kind":"plain","computed":true},"id":{"type":"string","description_kind":"plain","optional":true,"computed":true}},"block_types":{"timeouts":{"nesting_mode":"single","block":{"attributes":{"read":{"type":"string","description_kind":"plain","optional":true}},"description_kind":"plain"}}},"description_kind":"plain"}},"twilio_account_details":{"version":0,"block":{"attributes":{"auth_token":{"type":"string","description_kind":"plain","computed":true,"sensitive":true},"date_created":{"type":"string","description_kind":"plain","computed":true},"date_updated":{"type":"string","description_kind":"plain","computed":true},"friendly_name":{"type":"string","description_kind":"plain","computed":true},"id":{"type":"string","description_kind":"plain","optional":true,"computed":true},"owner_account_sid":{"type":"string","description_kind":"plain","computed":true},"sid":{"type":"string","description_kind":"plain","required":true},"status":{"type":"string","description_kind":"plain","computed":true},"type":{"type":"string","description_kind":"plain","computed":true}},"block_types":{"timeouts":{"nesting_mode":"single","block":{"attributes":{"read":{"type":"string","description_kind":"plain","optional":true}},"description_kind":"plain"}}},"description_kind":"plain"}},"twilio_autopilot_assistant":{"version":0,"block":{"attributes":{"account_sid":{"type":"string","description_kind":"plain","computed":true},"callback_events":{"type":["list","string"],"description_kind":"plain","computed":true},"callback_url":{"type":"string","description_kind":"plain","computed":true},"date_created":{"type":"string","description_kind":"plain","computed":true},"date_updated":{"type":"string","description_kind":"plain","computed":true},"defaults":{"type":"string","description_kind":"plain","computed":true},"development_stage":{"type":"string","description_kind":"plain","computed":true},"friendly_name":{"type":"string","description_kind":"plain","computed":true},"id":{"type":"string","description_kind":"plain","optional":true,"computed":true},"latest_model_build_sid":{"type":"string","description_kind":"plain","computed":true},"log_queries":{"type":"bool","description_kind":"plain","computed":true},"needs_model_build":{"type":"bool","description_kind":"plain","computed":true},"sid":{"type":"string","description_kind":"plain","required":true},"stylesheet":{"type":"string","description_kind":"plain","computed":true},"unique_name":{"type":"string","description_kind":"plain","computed":true},"url":{"type":"string","description_kind":"plain","computed":true}},"block_types":{"timeouts":{"nesting_mode":"single","block":{"attributes":{"read":{"type":"string","description_kind":"plain","optional":true}},"description_kind":"plain"}}},"description_kind":"plain"}},"twilio_autopilot_field_type":{"version":0,"block":{"attributes":{"account_sid":{"type":"string","description_kind":"plain","computed":true},"assistant_sid":{"type":"string","description_kind":"plain","required":true},"date_created":{"type":"string","description_kind":"plain","computed":true},"date_updated":{"type":"string","description_kind":"plain","computed":true},"friendly_name":{"type":"string","description_kind":"plain","computed":true},"id":{"type":"string","description_kind":"plain","optional":true,"computed":true},"sid":{"type":"string","description_kind":"plain","required":true},"unique_name":{"type":"string","description_kind":"plain","computed":true},"url":{"type":"string","description_kind":"plain","computed":true}},"block_types":{"timeouts":{"nesting_mode":"single","block":{"attributes":{"read":{"type":"string","description_kind":"plain","optional":true}},"description_kind":"plain"}}},"description_kind":"plain"}},"twilio_autopilot_field_types":{"version":0,"block":{"attributes":{"account_sid":{"type":"string","description_kind":"plain","computed":true},"assistant_sid":{"type":"string","description_kind":"plain","required":true},"field_types":{"type":["list",["object",{"date_created":"string","date_updated":"string","friendly_name":"string","sid":"string","unique_name":"string","url":"string"}]],"description_kind":"plain","computed":true},"id":{"type":"string","description_kind":"plain","optional":true,"computed":true}},"block_types":{"timeouts":{"nesting_mode":"single","block":{"attributes":{"read":{"type":"string","description_kind":"plain","optional":true}},"description_kind":"plain"}}},"description_kind":"plain"}},"twilio_autopilot_field_value":{"version":0,"block":{"attributes":{"account_sid":{"type":"string","description_kind":"plain","computed":true},"assistant_sid":{"type":"string","description_kind":"plain","required":true},"date_created":{"type":"string","description_kind":"plain","computed":true},"date_updated":{"type":"string","description_kind":"plain","computed":true},"field_type_sid":{"type":"string","description_kind":"plain","required":true},"id":{"type":"string","description_kind":"plain","optional":true,"computed":true},"language":{"type":"string","description_kind":"plain","computed":true},"sid":{"type":"string","description_kind":"plain","required":true},"synonym_of":{"type":"string","description_kind":"plain","computed":true},"url":{"type":"string","description_kind":"plain","computed":true},"value":{"type":"string","description_kind":"plain","computed":true}},"block_types":{"timeouts":{"nesting_mode":"single","block":{"attributes":{"read":{"type":"string","description_kind":"plain","optional":true}},"description_kind":"plain"}}},"description_kind":"plain"}},"twilio_autopilot_field_values":{"version":0,"block":{"attributes":{"account_sid":{"type":"string","description_kind":"plain","computed":true},"assistant_sid":{"type":"string","description_kind":"plain","required":true},"field_type_sid":{"type":"string","description_kind":"plain","required":true},"field_values":{"type":["list",["object",{"date_created":"string","date_updated":"string","language":"string","sid":"string","synonym_of":"string","url":"string","value":"string"}]],"description_kind":"plain","computed":true},"id":{"type":"string","description_kind":"plain","optional":true,"computed":true}},"block_types":{"timeouts":{"nesting_mode":"single","block":{"attributes":{"read":{"type":"string","description_kind":"plain","optional":true}},"description_kind":"plain"}}},"description_kind":"plain"}},"twilio_autopilot_model_build":{"version":0,"block":{"attributes":{"account_sid":{"type":"string","description_kind":"plain","computed":true},"assistant_sid":{"type":"string","description_kind":"plain","required":true},"build_duration":{"type":"number","description_kind":"plain","computed":true},"date_created":{"type":"string","description_kind":"plain","computed":true},"date_updated":{"type":"string","description_kind":"plain","computed":true},"error_code":{"type":"number","description_kind":"plain","computed":true},"id":{"type":"string","description_kind":"plain","optional":true,"computed":true},"sid":{"type":"string","description_kind":"plain","required":true},"status":{"type":"string","description_kind":"plain","computed":true},"unique_name":{"type":"string","description_kind":"plain","computed":true},"url":{"type":"string","description_kind":"plain","computed":true}},"block_types":{"timeouts":{"nesting_mode":"single","block":{"attributes":{"read":{"type":"string","description_kind":"plain","optional":true}},"description_kind":"plain"}}},"description_kind":"plain"}},"twilio_autopilot_model_builds":{"version":0,"block":{"attributes":{"account_sid":{"type":"string","description_kind":"plain","computed":true},"assistant_sid":{"type":"string","description_kind":"plain","required":true},"id":{"type":"string","description_kind":"plain","optional":true,"computed":true},"model_builds":{"type":["list",["object",{"build_duration":"number","date_created":"string","date_updated":"string","error_code":"number","sid":"string","status":"string","unique_name":"string","url":"string"}]],"description_kind":"plain","computed":true}},"block_types":{"timeouts":{"nesting_mode":"single","block":{"attributes":{"read":{"type":"string","description_kind":"plain","optional":true}},"description_kind":"plain"}}},"description_kind":"plain"}},"twilio_autopilot_task":{"version":0,"block":{"attributes":{"account_sid":{"type":"string","description_kind":"plain","computed":true},"actions":{"type":"string","description_kind":"plain","computed":true},"actions_url":{"type":"string","description_kind":"plain","computed":true},"assistant_sid":{"type":"string","description_kind":"plain","required":true},"date_created":{"type":"string","description_kind":"plain","computed":true},"date_updated":{"type":"string","description_kind":"plain","computed":true},"friendly_name":{"type":"string","description_kind":"plain","computed":true},"id":{"type":"string","description_kind":"plain","optional":true,"computed":true},"sid":{"type":"string","description_kind":"plain","required":true},"unique_name":{"type":"string","description_kind":"plain","computed":true},"url":{"type":"string","description_kind":"plain","computed":true}},"block_types":{"timeouts":{"nesting_mode":"single","block":{"attributes":{"read":{"type":"string","description_kind":"plain","optional":true}},"description_kind":"plain"}}},"description_kind":"plain"}},"twilio_autopilot_task_field":{"version":0,"block":{"attributes":{"account_sid":{"type":"string","description_kind":"plain","computed":true},"assistant_sid":{"type":"string","description_kind":"plain","required":true},"date_created":{"type":"string","description_kind":"plain","computed":true},"date_updated":{"type":"string","description_kind":"plain","computed":true},"field_type":{"type":"string","description_kind":"plain","computed":true},"id":{"type":"string","description_kind":"plain","optional":true,"computed":true},"sid":{"type":"string","description_kind":"plain","required":true},"task_sid":{"type":"string","description_kind":"plain","required":true},"unique_name":{"type":"string","description_kind":"plain","computed":true},"url":{"type":"string","description_kind":"plain","computed":true}},"block_types":{"timeouts":{"nesting_mode":"single","block":{"attributes":{"read":{"type":"string","description_kind":"plain","optional":true}},"description_kind":"plain"}}},"description_kind":"plain"}},"twilio_autopilot_task_fields":{"version":0,"block":{"attributes":{"account_sid":{"type":"string","description_kind":"plain","computed":true},"assistant_sid":{"type":"string","description_kind":"plain","required":true},"fields":{"type":["list",["object",{"date_created":"string","date_updated":"string","field_type":"string","sid":"string","unique_name":"string","url":"string"}]],"description_kind":"plain","computed":true},"id":{"type":"string","description_kind":"plain","optional":true,"computed":true},"task_sid":{"type":"string","description_kind":"plain","required":true}},"block_types":{"timeouts":{"nesting_mode":"single","block":{"attributes":{"read":{"type":"string","description_kind":"plain","optional":true}},"description_kind":"plain"}}},"description_kind":"plain"}},"twilio_autopilot_task_sample":{"version":0,"block":{"attributes":{"account_sid":{"type":"string","description_kind":"plain","computed":true},"assistant_sid":{"type":"string","description_kind":"plain","required":true},"date_created":{"type":"string","description_kind":"plain","computed":true},"date_updated":{"type":"string","description_kind":"plain","computed":true},"id":{"type":"string","description_kind":"plain","optional":true,"computed":true},"language":{"type":"string","description_kind":"plain","computed":true},"sid":{"type":"string","description_kind":"plain","required":true},"source_channel":{"type":"string","description_kind":"plain","computed":true},"tagged_text":{"type":"string","description_kind":"plain","computed":true},"task_sid":{"type":"string","description_kind":"plain","required":true},"url":{"type":"string","description_kind":"plain","computed":true}},"block_types":{"timeouts":{"nesting_mode":"single","block":{"attributes":{"read":{"type":"string","description_kind":"plain","optional":true}},"description_kind":"plain"}}},"description_kind":"plain"}},"twilio_autopilot_task_samples":{"version":0,"block":{"attributes":{"account_sid":{"type":"string","description_kind":"plain","computed":true},"assistant_sid":{"type":"string","description_kind":"plain","required":true},"id":{"type":"string","description_kind":"plain","optional":true,"computed":true},"samples":{"type":["list",["object",{"date_created":"string","date_updated":"string","language":"string","sid":"string","source_channel":"string","tagged_text":"string","url":"string"}]],"description_kind":"plain","computed":true},"task_sid":{"type":"string","description_kind":"plain","required":true}},"block_types":{"timeouts":{"nesting_mode":"single","block":{"attributes":{"read":{"type":"string","description_kind":"plain","optional":true}},"description_kind":"plain"}}},"description_kind":"plain"}},"twilio_autopilot_tasks":{"version":0,"block":{"attributes":{"account_sid":{"type":"string","description_kind":"plain","computed":true},"assistant_sid":{"type":"string","description_kind":"plain","required":true},"id":{"type":"string","description_kind":"plain","optional":true,"computed":true},"tasks":{"type":["list",["object",{"actions":"string","actions_url":"string","date_created":"string","date_updated":"string","friendly_name":"string","sid":"string","unique_name":"string","url":"string"}]],"description_kind":"plain","computed":true}},"block_types":{"timeouts":{"nesting_mode":"single","block":{"attributes":{"read":{"type":"string","description_kind":"plain","optional":true}},"description_kind":"plain"}}},"description_kind":"plain"}},"twilio_autopilot_webhook":{"version":0,"block":{"attributes":{"account_sid":{"type":"string","description_kind":"plain","computed":true},"assistant_sid":{"type":"string","description_kind":"plain","required":true},"date_created":{"type":"string","description_kind":"plain","computed":true},"date_updated":{"type":"string","description_kind":"plain","computed":true},"events":{"type":["list","string"],"description_kind":"plain","computed":true},"id":{"type":"string","description_kind":"plain","optional":true,"computed":true},"sid":{"type":"string","description_kind":"plain","required":true},"unique_name":{"type":"string","description_kind":"plain","computed":true},"url":{"type":"string","description_kind":"plain","computed":true},"webhook_method":{"type":"string","description_kind":"plain","computed":true},"webhook_url":{"type":"string","description_kind":"plain","computed":true}},"block_types":{"timeouts":{"nesting_mode":"single","block":{"attributes":{"read":{"type":"string","description_kind":"plain","optional":true}},"description_kind":"plain"}}},"description_kind":"plain"}},"twilio_autopilot_webhooks":{"version":0,"block":{"attributes":{"account_sid":{"type":"string","description_kind":"plain","computed":true},"assistant_sid":{"type":"string","description_kind":"plain","required":true},"id":{"type":"string","description_kind":"plain","optional":true,"computed":true},"webhooks":{"type":["list",["object",{"date_created":"string","date_updated":"string","events":["list","string"],"sid":"string","unique_name":"string","url":"string","webhook_method":"string","webhook_url":"string"}]],"description_kind":"plain","computed":true}},"block_types":{"timeouts":{"nesting_mode":"single","block":{"attributes":{"read":{"type":"string","description_kind":"plain","optional":true}},"description_kind":"plain"}}},"description_kind":"plain"}},"twilio_chat_channel":{"version":0,"block":{"attributes":{"account_sid":{"type":"string","description_kind":"plain","computed":true},"attributes":{"type":"string","description_kind":"plain","computed":true},"created_by":{"type":"string","description_kind":"plain","computed":true},"date_created":{"type":"string","description_kind":"plain","computed":true},"date_updated":{"type":"string","description_kind":"plain","computed":true},"friendly_name":{"type":"string","description_kind":"plain","computed":true},"id":{"type":"string","description_kind":"plain","optional":true,"computed":true},"members_count":{"type":"number","description_kind":"plain","computed":true},"messages_count":{"type":"number","description_kind":"plain","computed":true},"service_sid":{"type":"string","description_kind":"plain","required":true},"sid":{"type":"string","description_kind":"plain","required":true},"type":{"type":"string","description_kind":"plain","computed":true},"unique_name":{"type":"string","description_kind":"plain","computed":true},"url":{"type":"string","description_kind":"plain","computed":true}},"block_types":{"timeouts":{"nesting_mode":"single","block":{"attributes":{"read":{"type":"string","description_kind":"plain","optional":true}},"description_kind":"plain"}}},"description_kind":"plain","deprecated":true}},"twilio_chat_channel_member":{"version":0,"block":{"attributes":{"account_sid":{"type":"string","description_kind":"plain","computed":true},"attributes":{"type":"string","description_kind":"plain","computed":true},"channel_sid":{"type":"string","description_kind":"plain","required":true},"date_created":{"type":"string","description_kind":"plain","computed":true},"date_updated":{"type":"string","description_kind":"plain","computed":true},"id":{"type":"string","description_kind":"plain","optional":true,"computed":true},"identity":{"type":"string","description_kind":"plain","computed":true},"last_consumed_message_index":{"type":"number","description_kind":"plain","computed":true},"last_consumption_timestamp":{"type":"string","description_kind":"plain","computed":true},"role_sid":{"type":"string","description_kind":"plain","computed":true},"service_sid":{"type":"string","description_kind":"plain","required":true},"sid":{"type":"string","description_kind":"plain","required":true},"url":{"type":"string","description_kind":"plain","computed":true}},"block_types":{"timeouts":{"nesting_mode":"single","block":{"attributes":{"read":{"type":"string","description_kind":"plain","optional":true}},"description_kind":"plain"}}},"description_kind":"plain","deprecated":true}},"twilio_chat_channel_members":{"version":0,"block":{"attributes":{"account_sid":{"type":"string","description_kind":"plain","computed":true},"channel_sid":{"type":"string","description_kind":"plain","required":true},"id":{"type":"string","description_kind":"plain","optional":true,"computed":true},"members":{"type":["list",["object",{"attributes":"string","date_created":"string","date_updated":"string","identity":"string","last_consumed_message_index":"number","last_consumption_timestamp":"string","role_sid":"string","sid":"string","url":"string"}]],"description_kind":"plain","computed":true},"service_sid":{"type":"string","description_kind":"plain","required":true}},"block_types":{"timeouts":{"nesting_mode":"single","block":{"attributes":{"read":{"type":"string","description_kind":"plain","optional":true}},"description_kind":"plain"}}},"description_kind":"plain","deprecated":true}},"twilio_chat_channel_webhook":{"version":0,"block":{"attributes":{"account_sid":{"type":"string","description_kind":"plain","computed":true},"channel_sid":{"type":"string","description_kind":"plain","required":true},"configuration":{"type":["list",["object",{"filters":["list","string"],"flow_sid":"string","method":"string","retry_count":"number","triggers":["list","string"],"webhook_url":"string"}]],"description_kind":"plain","computed":true},"date_created":{"type":"string","description_kind":"plain","computed":true},"date_updated":{"type":"string","description_kind":"plain","computed":true},"id":{"type":"string","description_kind":"plain","optional":true,"computed":true},"service_sid":{"type":"string","description_kind":"plain","required":true},"sid":{"type":"string","description_kind":"plain","required":true},"type":{"type":"string","description_kind":"plain","computed":true},"url":{"type":"string","description_kind":"plain","computed":true}},"block_types":{"timeouts":{"nesting_mode":"single","block":{"attributes":{"read":{"type":"string","description_kind":"plain","optional":true}},"description_kind":"plain"}}},"description_kind":"plain","deprecated":true}},"twilio_chat_channel_webhooks":{"version":0,"block":{"attributes":{"account_sid":{"type":"string","description_kind":"plain","computed":true},"channel_sid":{"type":"string","description_kind":"plain","required":true},"id":{"type":"string","description_kind":"plain","optional":true,"computed":true},"service_sid":{"type":"string","description_kind":"plain","required":true},"webhooks":{"type":["list",["object",{"configuration":["list",["object",{"filters":["list","string"],"flow_sid":"string","method":"string","retry_count":"number","triggers":["list","string"],"webhook_url":"string"}]],"date_created":"string","date_updated":"string","sid":"string","type":"string","url":"string"}]],"description_kind":"plain","computed":true}},"block_types":{"timeouts":{"nesting_mode":"single","block":{"attributes":{"read":{"type":"string","description_kind":"plain","optional":true}},"description_kind":"plain"}}},"description_kind":"plain","deprecated":true}},"twilio_chat_channels":{"version":0,"block":{"attributes":{"account_sid":{"type":"string","description_kind":"plain","computed":true},"channels":{"type":["list",["object",{"attributes":"string","created_by":"string","date_created":"string","date_updated":"string","friendly_name":"string","members_count":"number","messages_count":"number","sid":"string","type":"string","unique_name":"string","url":"string"}]],"description_kind":"plain","computed":true},"id":{"type":"string","description_kind":"plain","optional":true,"computed":true},"service_sid":{"type":"string","description_kind":"plain","required":true}},"block_types":{"timeouts":{"nesting_mode":"single","block":{"attributes":{"read":{"type":"string","description_kind":"plain","optional":true}},"description_kind":"plain"}}},"description_kind":"plain","deprecated":true}},"twilio_chat_role":{"version":0,"block":{"attributes":{"account_sid":{"type":"string","description_kind":"plain","computed":true},"date_created":{"type":"string","description_kind":"plain","computed":true},"date_updated":{"type":"string","description_kind":"plain","computed":true},"friendly_name":{"type":"string","description_kind":"plain","computed":true},"id":{"type":"string","description_kind":"plain","optional":true,"computed":true},"permissions":{"type":["list","string"],"description_kind":"plain","computed":true},"service_sid":{"type":"string","description_kind":"plain","required":true},"sid":{"type":"string","description_kind":"plain","required":true},"type":{"type":"string","description_kind":"plain","computed":true},"url":{"type":"string","description_kind":"plain","computed":true}},"block_types":{"timeouts":{"nesting_mode":"single","block":{"attributes":{"read":{"type":"string","description_kind":"plain","optional":true}},"description_kind":"plain"}}},"description_kind":"plain","deprecated":true}},"twilio_chat_roles":{"version":0,"block":{"attributes":{"account_sid":{"type":"string","description_kind":"plain","computed":true},"id":{"type":"string","description_kind":"plain","optional":true,"computed":true},"roles":{"type":["list",["object",{"date_created":"string","date_updated":"string","friendly_name":"string","permissions":["list","string"],"sid":"string","type":"string","url":"string"}]],"description_kind":"plain","computed":true},"service_sid":{"type":"string","description_kind":"plain","required":true}},"block_types":{"timeouts":{"nesting_mode":"single","block":{"attributes":{"read":{"type":"string","description_kind":"plain","optional":true}},"description_kind":"plain"}}},"description_kind":"plain","deprecated":true}},"twilio_chat_service":{"version":0,"block":{"attributes":{"account_sid":{"type":"string","description_kind":"plain","computed":true},"date_created":{"type":"string","description_kind":"plain","computed":true},"date_updated":{"type":"string","description_kind":"plain","computed":true},"default_channel_creator_role_sid":{"type":"string","description_kind":"plain","computed":true},"default_channel_role_sid":{"type":"string","description_kind":"plain","computed":true},"default_service_role_sid":{"type":"string","description_kind":"plain","computed":true},"friendly_name":{"type":"string","description_kind":"plain","computed":true},"id":{"type":"string","description_kind":"plain","optional":true,"computed":true},"limits":{"type":["list",["object",{"channel_members":"number","user_channels":"number"}]],"description_kind":"plain","computed":true},"media":{"type":["list",["object",{"compatibility_message":"string","size_limit_mb":"number"}]],"description_kind":"plain","computed":true},"notifications":{"type":["list",["object",{"added_to_channel":["list",["object",{"enabled":"bool","sound":"string","template":"string"}]],"invited_to_channel":["list",["object",{"enabled":"bool","sound":"string","template":"string"}]],"log_enabled":"bool","new_message":["list",["object",{"badge_count_enabled":"bool","enabled":"bool","sound":"string","template":"string"}]],"removed_from_channel":["list",["object",{"enabled":"bool","sound":"string","template":"string"}]]}]],"description_kind":"plain","computed":true},"post_webhook_retry_count":{"type":"number","description_kind":"plain","computed":true},"post_webhook_url":{"type":"string","description_kind":"plain","computed":true},"pre_webhook_retry_count":{"type":"number","description_kind":"plain","computed":true},"pre_webhook_url":{"type":"string","description_kind":"plain","computed":true},"reachability_enabled":{"type":"bool","description_kind":"plain","computed":true},"read_status_enabled":{"type":"bool","description_kind":"plain","computed":true},"sid":{"type":"string","description_kind":"plain","required":true},"typing_indicator_timeout":{"type":"number","description_kind":"plain","computed":true},"url":{"type":"string","description_kind":"plain","computed":true},"webhook_filters":{"type":["list","string"],"description_kind":"plain","computed":true},"webhook_method":{"type":"string","description_kind":"plain","computed":true}},"block_types":{"timeouts":{"nesting_mode":"single","block":{"attributes":{"read":{"type":"string","description_kind":"plain","optional":true}},"description_kind":"plain"}}},"description_kind":"plain","deprecated":true}},"twilio_chat_user":{"version":0,"block":{"attributes":{"account_sid":{"type":"string","description_kind":"plain","computed":true},"attributes":{"type":"string","description_kind":"plain","computed":true},"date_created":{"type":"string","description_kind":"plain","computed":true},"date_updated":{"type":"string","description_kind":"plain","computed":true},"friendly_name":{"type":"string","description_kind":"plain","computed":true},"id":{"type":"string","description_kind":"plain","optional":true,"computed":true},"identity":{"type":"string","description_kind":"plain","computed":true},"is_notifiable":{"type":"bool","description_kind":"plain","computed":true},"is_online":{"type":"bool","description_kind":"plain","computed":true},"joined_channels_count":{"type":"number","description_kind":"plain","computed":true},"role_sid":{"type":"string","description_kind":"plain","computed":true},"service_sid":{"type":"string","description_kind":"plain","required":true},"sid":{"type":"string","description_kind":"plain","required":true},"url":{"type":"string","description_kind":"plain","computed":true}},"block_types":{"timeouts":{"nesting_mode":"single","block":{"attributes":{"read":{"type":"string","description_kind":"plain","optional":true}},"description_kind":"plain"}}},"description_kind":"plain","deprecated":true}},"twilio_chat_users":{"version":0,"block":{"attributes":{"account_sid":{"type":"string","description_kind":"plain","computed":true},"id":{"type":"string","description_kind":"plain","optional":true,"computed":true},"service_sid":{"type":"string","description_kind":"plain","required":true},"users":{"type":["list",["object",{"attributes":"string","date_created":"string","date_updated":"string","friendly_name":"string","identity":"string","is_notifiable":"bool","is_online":"bool","joined_channels_count":"number","role_sid":"string","sid":"string","url":"string"}]],"description_kind":"plain","computed":true}},"block_types":{"timeouts":{"nesting_mode":"single","block":{"attributes":{"read":{"type":"string","description_kind":"plain","optional":true}},"description_kind":"plain"}}},"description_kind":"plain","deprecated":true}},"twilio_conversations_configuration":{"version":0,"block":{"attributes":{"account_sid":{"type":"string","description_kind":"plain","computed":true},"default_closed_timer":{"type":"string","description_kind":"plain","computed":true},"default_inactive_timer":{"type":"string","description_kind":"plain","computed":true},"default_messaging_service_sid":{"type":"string","description_kind":"plain","computed":true},"default_service_sid":{"type":"string","description_kind":"plain","computed":true},"id":{"type":"string","description_kind":"plain","optional":true,"computed":true},"url":{"type":"string","description_kind":"plain","computed":true}},"block_types":{"timeouts":{"nesting_mode":"single","block":{"attributes":{"read":{"type":"string","description_kind":"plain","optional":true}},"description_kind":"plain"}}},"description_kind":"plain"}},"twilio_conversations_conversation":{"version":0,"block":{"attributes":{"account_sid":{"type":"string","description_kind":"plain","computed":true},"attributes":{"type":"string","description_kind":"plain","computed":true},"date_created":{"type":"string","description_kind":"plain","computed":true},"date_updated":{"type":"string","description_kind":"plain","computed":true},"friendly_name":{"type":"string","description_kind":"plain","computed":true},"id":{"type":"string","description_kind":"plain","optional":true,"computed":true},"messaging_service_sid":{"type":"string","description_kind":"plain","computed":true},"service_sid":{"type":"string","description_kind":"plain","required":true},"sid":{"type":"string","description_kind":"plain","required":true},"state":{"type":"string","description_kind":"plain","computed":true},"timers":{"type":["list",["object",{"date_closed":"string","date_inactive":"string"}]],"description_kind":"plain","computed":true},"unique_name":{"type":"string","description_kind":"plain","computed":true},"url":{"type":"string","description_kind":"plain","computed":true}},"block_types":{"timeouts":{"nesting_mode":"single","block":{"attributes":{"read":{"type":"string","description_kind":"plain","optional":true}},"description_kind":"plain"}}},"description_kind":"plain"}},"twilio_conversations_conversation_webhook":{"version":0,"block":{"attributes":{"account_sid":{"type":"string","description_kind":"plain","computed":true},"configuration":{"type":["list",["object",{"filters":["list","string"],"flow_sid":"number","method":"string","replay_after":"number","triggers":["list","string"],"webhook_url":"string"}]],"description_kind":"plain","computed":true},"conversation_sid":{"type":"string","description_kind":"plain","required":true},"date_created":{"type":"string","description_kind":"plain","computed":true},"date_updated":{"type":"string","description_kind":"plain","computed":true},"id":{"type":"string","description_kind":"plain","optional":true,"computed":true},"service_sid":{"type":"string","description_kind":"plain","required":true},"sid":{"type":"string","description_kind":"plain","required":true},"target":{"type":"string","description_kind":"plain","computed":true},"url":{"type":"string","description_kind":"plain","computed":true}},"block_types":{"timeouts":{"nesting_mode":"single","block":{"attributes":{"read":{"type":"string","description_kind":"plain","optional":true}},"description_kind":"plain"}}},"description_kind":"plain"}},"twilio_conversations_conversation_webhooks":{"version":0,"block":{"attributes":{"account_sid":{"type":"string","description_kind":"plain","computed":true},"conversation_sid":{"type":"string","description_kind":"plain","required":true},"id":{"type":"string","description_kind":"plain","optional":true,"computed":true},"service_sid":{"type":"string","description_kind":"plain","required":true},"webhooks":{"type":["list",["object",{"configuration":["list",["object",{"filters":["list","string"],"flow_sid":"number","method":"string","replay_after":"number","triggers":["list","string"],"webhook_url":"string"}]],"date_created":"string","date_updated":"string","sid":"string","target":"string","url":"string"}]],"description_kind":"plain","computed":true}},"block_types":{"timeouts":{"nesting_mode":"single","block":{"attributes":{"read":{"type":"string","description_kind":"plain","optional":true}},"description_kind":"plain"}}},"description_kind":"plain"}},"twilio_conversations_conversations":{"version":0,"block":{"attributes":{"account_sid":{"type":"string","description_kind":"plain","computed":true},"conversations":{"type":["list",["object",{"attributes":"string","date_created":"string","date_updated":"string","friendly_name":"string","messaging_service_sid":"string","sid":"string","state":"string","timers":["list",["object",{"date_closed":"string","date_inactive":"string"}]],"unique_name":"string","url":"string"}]],"description_kind":"plain","computed":true},"id":{"type":"string","description_kind":"plain","optional":true,"computed":true},"service_sid":{"type":"string","description_kind":"plain","required":true}},"block_types":{"timeouts":{"nesting_mode":"single","block":{"attributes":{"read":{"type":"string","description_kind":"plain","optional":true}},"description_kind":"plain"}}},"description_kind":"plain"}},"twilio_conversations_role":{"version":0,"block":{"attributes":{"account_sid":{"type":"string","description_kind":"plain","computed":true},"date_created":{"type":"string","description_kind":"plain","computed":true},"date_updated":{"type":"string","description_kind":"plain","computed":true},"friendly_name":{"type":"string","description_kind":"plain","computed":true},"id":{"type":"string","description_kind":"plain","optional":true,"computed":true},"permissions":{"type":["list","string"],"description_kind":"plain","computed":true},"service_sid":{"type":"string","description_kind":"plain","required":true},"sid":{"type":"string","description_kind":"plain","required":true},"type":{"type":"string","description_kind":"plain","computed":true},"url":{"type":"string","description_kind":"plain","computed":true}},"block_types":{"timeouts":{"nesting_mode":"single","block":{"attributes":{"read":{"type":"string","description_kind":"plain","optional":true}},"description_kind":"plain"}}},"description_kind":"plain"}},"twilio_conversations_roles":{"version":0,"block":{"attributes":{"account_sid":{"type":"string","description_kind":"plain","computed":true},"id":{"type":"string","description_kind":"plain","optional":true,"computed":true},"roles":{"type":["list",["object",{"date_created":"string","date_updated":"string","friendly_name":"string","permissions":["list","string"],"sid":"string","type":"string","url":"string"}]],"description_kind":"plain","computed":true},"service_sid":{"type":"string","description_kind":"plain","required":true}},"block_types":{"timeouts":{"nesting_mode":"single","block":{"attributes":{"read":{"type":"string","description_kind":"plain","optional":true}},"description_kind":"plain"}}},"description_kind":"plain"}},"twilio_conversations_service":{"version":0,"block":{"attributes":{"date_created":{"type":"string","description_kind":"plain","computed":true},"date_updated":{"type":"string","description_kind":"plain","computed":true},"friendly_name":{"type":"string","description_kind":"plain","computed":true},"id":{"type":"string","description_kind":"plain","optional":true,"computed":true},"sid":{"type":"string","description_kind":"plain","required":true},"url":{"type":"string","description_kind":"plain","computed":true}},"block_types":{"timeouts":{"nesting_mode":"single","block":{"attributes":{"read":{"type":"string","description_kind":"plain","optional":true}},"description_kind":"plain"}}},"description_kind":"plain"}},"twilio_conversations_service_configuration":{"version":0,"block":{"attributes":{"default_chat_service_role_sid":{"type":"string","description_kind":"plain","computed":true},"default_conversation_creator_role_sid":{"type":"string","description_kind":"plain","computed":true},"default_conversation_role_sid":{"type":"string","description_kind":"plain","computed":true},"id":{"type":"string","description_kind":"plain","optional":true,"computed":true},"reachability_enabled":{"type":"bool","description_kind":"plain","computed":true},"service_sid":{"type":"string","description_kind":"plain","required":true},"url":{"type":"string","description_kind":"plain","computed":true}},"block_types":{"timeouts":{"nesting_mode":"single","block":{"attributes":{"read":{"type":"string","description_kind":"plain","optional":true}},"description_kind":"plain"}}},"description_kind":"plain"}},"twilio_conversations_service_notification":{"version":0,"block":{"attributes":{"account_sid":{"type":"string","description_kind":"plain","computed":true},"added_to_conversation":{"type":["list",["object",{"enabled":"bool","sound":"string","template":"string"}]],"description_kind":"plain","computed":true},"id":{"type":"string","description_kind":"plain","optional":true,"computed":true},"log_enabled":{"type":"bool","description_kind":"plain","computed":true},"new_message":{"type":["list",["object",{"badge_count_enabled":"bool","enabled":"bool","sound":"string","template":"string"}]],"description_kind":"plain","computed":true},"removed_from_conversation":{"type":["list",["object",{"enabled":"bool","sound":"string","template":"string"}]],"description_kind":"plain","computed":true},"service_sid":{"type":"string","description_kind":"plain","required":true},"url":{"type":"string","description_kind":"plain","computed":true}},"block_types":{"timeouts":{"nesting_mode":"single","block":{"attributes":{"read":{"type":"string","description_kind":"plain","optional":true}},"description_kind":"plain"}}},"description_kind":"plain"}},"twilio_conversations_user":{"version":0,"block":{"attributes":{"account_sid":{"type":"string","description_kind":"plain","computed":true},"attributes":{"type":"string","description_kind":"plain","computed":true},"date_created":{"type":"string","description_kind":"plain","computed":true},"date_updated":{"type":"string","description_kind":"plain","computed":true},"friendly_name":{"type":"string","description_kind":"plain","computed":true},"id":{"type":"string","description_kind":"plain","optional":true,"computed":true},"identity":{"type":"string","description_kind":"plain","computed":true},"is_notifiable":{"type":"bool","description_kind":"plain","computed":true},"is_online":{"type":"bool","description_kind":"plain","computed":true},"role_sid":{"type":"string","description_kind":"plain","computed":true},"service_sid":{"type":"string","description_kind":"plain","required":true},"sid":{"type":"string","description_kind":"plain","required":true},"url":{"type":"string","description_kind":"plain","computed":true}},"block_types":{"timeouts":{"nesting_mode":"single","block":{"attributes":{"read":{"type":"string","description_kind":"plain","optional":true}},"description_kind":"plain"}}},"description_kind":"plain"}},"twilio_conversations_users":{"version":0,"block":{"attributes":{"account_sid":{"type":"string","description_kind":"plain","computed":true},"id":{"type":"string","description_kind":"plain","optional":true,"computed":true},"service_sid":{"type":"string","description_kind":"plain","required":true},"users":{"type":["list",["object",{"attributes":"string","date_created":"string","date_updated":"string","friendly_name":"string","identity":"string","is_notifiable":"bool","is_online":"bool","role_sid":"string","sid":"string","url":"string"}]],"description_kind":"plain","computed":true}},"block_types":{"timeouts":{"nesting_mode":"single","block":{"attributes":{"read":{"type":"string","description_kind":"plain","optional":true}},"description_kind":"plain"}}},"description_kind":"plain"}},"twilio_conversations_webhook":{"version":0,"block":{"attributes":{"account_sid":{"type":"string","description_kind":"plain","computed":true},"filters":{"type":["list","string"],"description_kind":"plain","computed":true},"id":{"type":"string","description_kind":"plain","optional":true,"computed":true},"method":{"type":"string","description_kind":"plain","computed":true},"post_webhook_url":{"type":"string","description_kind":"plain","computed":true},"pre_webhook_url":{"type":"string","description_kind":"plain","computed":true},"target":{"type":"string","description_kind":"plain","computed":true},"url":{"type":"string","description_kind":"plain","computed":true}},"block_types":{"timeouts":{"nesting_mode":"single","block":{"attributes":{"read":{"type":"string","description_kind":"plain","optional":true}},"description_kind":"plain"}}},"description_kind":"plain"}},"twilio_flex_flow":{"version":0,"block":{"attributes":{"account_sid":{"type":"string","description_kind":"plain","computed":true},"channel_type":{"type":"string","description_kind":"plain","computed":true},"chat_service_sid":{"type":"string","description_kind":"plain","computed":true},"contact_identity":{"type":"string","description_kind":"plain","computed":true},"date_created":{"type":"string","description_kind":"plain","computed":true},"date_updated":{"type":"string","description_kind":"plain","computed":true},"enabled":{"type":"bool","description_kind":"plain","computed":true},"friendly_name":{"type":"string","description_kind":"plain","computed":true},"id":{"type":"string","description_kind":"plain","optional":true,"computed":true},"integration":{"type":["list",["object",{"channel":"string","creation_on_message":"bool","flow_sid":"string","priority":"number","retry_count":"number","timeout":"number","url":"string","workflow_sid":"string","workspace_sid":"string"}]],"description_kind":"plain","computed":true},"integration_type":{"type":"string","description_kind":"plain","computed":true},"janitor_enabled":{"type":"bool","description_kind":"plain","computed":true},"long_lived":{"type":"bool","description_kind":"plain","computed":true},"sid":{"type":"string","description_kind":"plain","required":true},"url":{"type":"string","description_kind":"plain","computed":true}},"block_types":{"timeouts":{"nesting_mode":"single","block":{"attributes":{"read":{"type":"string","description_kind":"plain","optional":true}},"description_kind":"plain"}}},"description_kind":"plain"}},"twilio_flex_plugin":{"version":0,"block":{"attributes":{"account_sid":{"type":"string","description_kind":"plain","computed":true},"archived":{"type":"bool","description_kind":"plain","computed":true},"changelog":{"type":"string","description_kind":"plain","computed":true},"date_created":{"type":"string","description_kind":"plain","computed":true},"date_updated":{"type":"string","description_kind":"plain","computed":true},"description":{"type":"string","description_kind":"plain","computed":true},"friendly_name":{"type":"string","description_kind":"plain","computed":true},"id":{"type":"string","description_kind":"plain","optional":true,"computed":true},"latest_version_sid":{"type":"string","description_kind":"plain","computed":true},"plugin_url":{"type":"string","description_kind":"plain","computed":true},"private":{"type":"bool","description_kind":"plain","computed":true},"sid":{"type":"string","description_kind":"plain","required":true},"unique_name":{"type":"string","description_kind":"plain","computed":true},"url":{"type":"string","description_kind":"plain","computed":true},"version":{"type":"string","description_kind":"plain","computed":true},"version_archived":{"type":"bool","description_kind":"plain","computed":true}},"block_types":{"timeouts":{"nesting_mode":"single","block":{"attributes":{"read":{"type":"string","description_kind":"plain","optional":true}},"description_kind":"plain"}}},"description_kind":"plain"}},"twilio_flex_plugin_configuration":{"version":0,"block":{"attributes":{"account_sid":{"type":"string","description_kind":"plain","computed":true},"archived":{"type":"bool","description_kind":"plain","computed":true},"date_created":{"type":"string","description_kind":"plain","computed":true},"description":{"type":"string","description_kind":"plain","computed":true},"id":{"type":"string","description_kind":"plain","optional":true,"computed":true},"name":{"type":"string","description_kind":"plain","computed":true},"plugins":{"type":["list",["object",{"date_created":"string","phase":"number","plugin_sid":"string","plugin_url":"string","plugin_version_sid":"string","private":"bool","unique_name":"string","url":"string","version":"string"}]],"description_kind":"plain","computed":true},"sid":{"type":"string","description_kind":"plain","required":true},"url":{"type":"string","description_kind":"plain","computed":true}},"description_kind":"plain"}},"twilio_flex_plugin_release":{"version":0,"block":{"attributes":{"account_sid":{"type":"string","description_kind":"plain","computed":true},"configuration_sid":{"type":"string","description_kind":"plain","computed":true},"date_created":{"type":"string","description_kind":"plain","computed":true},"id":{"type":"string","description_kind":"plain","optional":true,"computed":true},"sid":{"type":"string","description_kind":"plain","required":true},"url":{"type":"string","description_kind":"plain","computed":true}},"block_types":{"timeouts":{"nesting_mode":"single","block":{"attributes":{"read":{"type":"string","description_kind":"plain","optional":true}},"description_kind":"plain"}}},"description_kind":"plain"}},"twilio_messaging_alpha_sender":{"version":0,"block":{"attributes":{"account_sid":{"type":"string","description_kind":"plain","computed":true},"alpha_sender":{"type":"string","description_kind":"plain","computed":true},"capabilities":{"type":["list","string"],"description_kind":"plain","computed":true},"date_created":{"type":"string","description_kind":"plain","computed":true},"date_updated":{"type":"string","description_kind":"plain","computed":true},"id":{"type":"string","description_kind":"plain","optional":true,"computed":true},"service_sid":{"type":"string","description_kind":"plain","required":true},"sid":{"type":"string","description_kind":"plain","required":true},"url":{"type":"string","description_kind":"plain","computed":true}},"block_types":{"timeouts":{"nesting_mode":"single","block":{"attributes":{"read":{"type":"string","description_kind":"plain","optional":true}},"description_kind":"plain"}}},"description_kind":"plain"}},"twilio_messaging_alpha_senders":{"version":0,"block":{"attributes":{"account_sid":{"type":"string","description_kind":"plain","computed":true},"alpha_senders":{"type":["list",["object",{"alpha_sender":"string","capabilities":["list","string"],"date_created":"string","date_updated":"string","sid":"string","url":"string"}]],"description_kind":"plain","computed":true},"id":{"type":"string","description_kind":"plain","optional":true,"computed":true},"service_sid":{"type":"string","description_kind":"plain","required":true}},"block_types":{"timeouts":{"nesting_mode":"single","block":{"attributes":{"read":{"type":"string","description_kind":"plain","optional":true}},"description_kind":"plain"}}},"description_kind":"plain"}},"twilio_messaging_phone_number":{"version":0,"block":{"attributes":{"account_sid":{"type":"string","description_kind":"plain","computed":true},"capabilities":{"type":["list","string"],"description_kind":"plain","computed":true},"country_code":{"type":"string","description_kind":"plain","computed":true},"date_created":{"type":"string","description_kind":"plain","computed":true},"date_updated":{"type":"string","description_kind":"plain","computed":true},"id":{"type":"string","description_kind":"plain","optional":true,"computed":true},"phone_number":{"type":"string","description_kind":"plain","computed":true},"service_sid":{"type":"string","description_kind":"plain","required":true},"sid":{"type":"string","description_kind":"plain","required":true},"url":{"type":"string","description_kind":"plain","computed":true}},"block_types":{"timeouts":{"nesting_mode":"single","block":{"attributes":{"read":{"type":"string","description_kind":"plain","optional":true}},"description_kind":"plain"}}},"description_kind":"plain"}},"twilio_messaging_phone_numbers":{"version":0,"block":{"attributes":{"account_sid":{"type":"string","description_kind":"plain","computed":true},"id":{"type":"string","description_kind":"plain","optional":true,"computed":true},"phone_numbers":{"type":["list",["object",{"capabilities":["list","string"],"country_code":"string","date_created":"string","date_updated":"string","phone_number":"string","sid":"string","url":"string"}]],"description_kind":"plain","computed":true},"service_sid":{"type":"string","description_kind":"plain","required":true}},"block_types":{"timeouts":{"nesting_mode":"single","block":{"attributes":{"read":{"type":"string","description_kind":"plain","optional":true}},"description_kind":"plain"}}},"description_kind":"plain"}},"twilio_messaging_service":{"version":0,"block":{"attributes":{"account_sid":{"type":"string","description_kind":"plain","computed":true},"area_code_geomatch":{"type":"bool","description_kind":"plain","computed":true},"date_created":{"type":"string","description_kind":"plain","computed":true},"date_updated":{"type":"string","description_kind":"plain","computed":true},"fallback_method":{"type":"string","description_kind":"plain","computed":true},"fallback_to_long_code":{"type":"bool","description_kind":"plain","computed":true},"fallback_url":{"type":"string","description_kind":"plain","computed":true},"friendly_name":{"type":"string","description_kind":"plain","computed":true},"id":{"type":"string","description_kind":"plain","optional":true,"computed":true},"inbound_method":{"type":"string","description_kind":"plain","computed":true},"inbound_request_url":{"type":"string","description_kind":"plain","computed":true},"mms_converter":{"type":"bool","description_kind":"plain","computed":true},"sid":{"type":"string","description_kind":"plain","required":true},"smart_encoding":{"type":"bool","description_kind":"plain","computed":true},"status_callback_url":{"type":"string","description_kind":"plain","computed":true},"sticky_sender":{"type":"bool","description_kind":"plain","computed":true},"url":{"type":"string","description_kind":"plain","computed":true},"validity_period":{"type":"number","description_kind":"plain","computed":true}},"block_types":{"timeouts":{"nesting_mode":"single","block":{"attributes":{"read":{"type":"string","description_kind":"plain","optional":true}},"description_kind":"plain"}}},"description_kind":"plain"}},"twilio_messaging_short_code":{"version":0,"block":{"attributes":{"account_sid":{"type":"string","description_kind":"plain","computed":true},"capabilities":{"type":["list","string"],"description_kind":"plain","computed":true},"country_code":{"type":"string","description_kind":"plain","computed":true},"date_created":{"type":"string","description_kind":"plain","computed":true},"date_updated":{"type":"string","description_kind":"plain","computed":true},"id":{"type":"string","description_kind":"plain","optional":true,"computed":true},"service_sid":{"type":"string","description_kind":"plain","required":true},"short_code":{"type":"string","description_kind":"plain","computed":true},"sid":{"type":"string","description_kind":"plain","required":true},"url":{"type":"string","description_kind":"plain","computed":true}},"block_types":{"timeouts":{"nesting_mode":"single","block":{"attributes":{"read":{"type":"string","description_kind":"plain","optional":true}},"description_kind":"plain"}}},"description_kind":"plain"}},"twilio_messaging_short_codes":{"version":0,"block":{"attributes":{"account_sid":{"type":"string","description_kind":"plain","computed":true},"id":{"type":"string","description_kind":"plain","optional":true,"computed":true},"service_sid":{"type":"string","description_kind":"plain","required":true},"short_codes":{"type":["list",["object",{"capabilities":["list","string"],"country_code":"string","date_created":"string","date_updated":"string","short_code":"string","sid":"string","url":"string"}]],"description_kind":"plain","computed":true}},"block_types":{"timeouts":{"nesting_mode":"single","block":{"attributes":{"read":{"type":"string","description_kind":"plain","optional":true}},"description_kind":"plain"}}},"description_kind":"plain"}},"twilio_phone_number":{"version":0,"block":{"attributes":{"account_sid":{"type":"string","description_kind":"plain","required":true},"address_requirements":{"type":"string","description_kind":"plain","computed":true},"address_sid":{"type":"string","description_kind":"plain","computed":true},"beta":{"type":"bool","description_kind":"plain","computed":true},"bundle_sid":{"type":"string","description_kind":"plain","computed":true},"capabilities":{"type":["list",["object",{"fax":"bool","mms":"bool","sms":"bool","voice":"bool"}]],"description_kind":"plain","computed":true},"date_created":{"type":"string","description_kind":"plain","computed":true},"date_updated":{"type":"string","description_kind":"plain","computed":true},"emergency_address_sid":{"type":"string","description_kind":"plain","computed":true},"emergency_status":{"type":"string","description_kind":"plain","computed":true},"fax":{"type":["list",["object",{"application_sid":"string","fallback_method":"string","fallback_url":"string","method":"string","url":"string"}]],"description_kind":"plain","computed":true},"friendly_name":{"type":"string","description_kind":"plain","computed":true},"id":{"type":"string","description_kind":"plain","optional":true,"computed":true},"identity_sid":{"type":"string","description_kind":"plain","computed":true},"messaging":{"type":["list",["object",{"application_sid":"string","fallback_method":"string","fallback_url":"string","method":"string","url":"string"}]],"description_kind":"plain","computed":true},"origin":{"type":"string","description_kind":"plain","computed":true},"phone_number":{"type":"string","description_kind":"plain","computed":true},"sid":{"type":"string","description_kind":"plain","required":true},"status":{"type":"string","description_kind":"plain","computed":true},"status_callback_method":{"type":"string","description_kind":"plain","computed":true},"status_callback_url":{"type":"string","description_kind":"plain","computed":true},"trunk_sid":{"type":"string","description_kind":"plain","computed":true},"voice":{"type":["list",["object",{"application_sid":"string","caller_id_lookup":"bool","fallback_method":"string","fallback_url":"string","method":"string","url":"string"}]],"description_kind":"plain","computed":true}},"block_types":{"timeouts":{"nesting_mode":"single","block":{"attributes":{"read":{"type":"string","description_kind":"plain","optional":true}},"description_kind":"plain"}}},"description_kind":"plain"}},"twilio_phone_number_available_local_numbers":{"version":0,"block":{"attributes":{"account_sid":{"type":"string","description_kind":"plain","required":true},"allow_beta_numbers":{"type":"bool","description_kind":"plain","optional":true},"area_code":{"type":"number","description_kind":"plain","optional":true},"available_phone_numbers":{"type":["list",["object",{"address_requirements":"string","beta":"bool","capabilities":["list",["object",{"fax":"bool","mms":"bool","sms":"bool","voice":"bool"}]],"friendly_name":"string","lata":"string","latitude":"string","locality":"string","longitude":"string","phone_number":"string","postal_code":"string","rate_center":"string","region":"string"}]],"description_kind":"plain","computed":true},"contains_number_pattern":{"type":"string","description_kind":"plain","optional":true},"id":{"type":"string","description_kind":"plain","optional":true,"computed":true},"iso_country":{"type":"string","description_kind":"plain","required":true},"limit":{"type":"number","description_kind":"plain","optional":true}},"block_types":{"capabilities":{"nesting_mode":"list","block":{"attributes":{"fax_enabled":{"type":"bool","description_kind":"plain","optional":true},"mms_enabled":{"type":"bool","description_kind":"plain","optional":true},"sms_enabled":{"type":"bool","description_kind":"plain","optional":true},"voice_enabled":{"type":"bool","description_kind":"plain","optional":true}},"description_kind":"plain"},"max_items":1},"exclude_address_requirements":{"nesting_mode":"list","block":{"attributes":{"all":{"type":"bool","description_kind":"plain","optional":true},"foreign":{"type":"bool","description_kind":"plain","optional":true},"local":{"type":"bool","description_kind":"plain","optional":true}},"description_kind":"plain"},"max_items":1},"location":{"nesting_mode":"list","block":{"attributes":{"distance":{"type":"number","description_kind":"plain","optional":true},"in_lata":{"type":"string","description_kind":"plain","optional":true},"in_locality":{"type":"string","description_kind":"plain","optional":true},"in_postal_code":{"type":"string","description_kind":"plain","optional":true},"in_rate_center":{"type":"string","description_kind":"plain","optional":true},"in_region":{"type":"string","description_kind":"plain","optional":true},"near_lat_long":{"type":"string","description_kind":"plain","optional":true},"near_number":{"type":"string","description_kind":"plain","optional":true}},"description_kind":"plain"},"max_items":1},"timeouts":{"nesting_mode":"single","block":{"attributes":{"read":{"type":"string","description_kind":"plain","optional":true}},"description_kind":"plain"}}},"description_kind":"plain"}},"twilio_phone_number_available_mobile_numbers":{"version":0,"block":{"attributes":{"account_sid":{"type":"string","description_kind":"plain","required":true},"allow_beta_numbers":{"type":"bool","description_kind":"plain","optional":true},"area_code":{"type":"number","description_kind":"plain","optional":true},"available_phone_numbers":{"type":["list",["object",{"address_requirements":"string","beta":"bool","capabilities":["list",["object",{"fax":"bool","mms":"bool","sms":"bool","voice":"bool"}]],"friendly_name":"string","lata":"string","latitude":"string","locality":"string","longitude":"string","phone_number":"string","postal_code":"string","rate_center":"string","region":"string"}]],"description_kind":"plain","computed":true},"contains_number_pattern":{"type":"string","description_kind":"plain","optional":true},"id":{"type":"string","description_kind":"plain","optional":true,"computed":true},"iso_country":{"type":"string","description_kind":"plain","required":true},"limit":{"type":"number","description_kind":"plain","optional":true}},"block_types":{"capabilities":{"nesting_mode":"list","block":{"attributes":{"fax_enabled":{"type":"bool","description_kind":"plain","optional":true},"mms_enabled":{"type":"bool","description_kind":"plain","optional":true},"sms_enabled":{"type":"bool","description_kind":"plain","optional":true},"voice_enabled":{"type":"bool","description_kind":"plain","optional":true}},"description_kind":"plain"},"max_items":1},"exclude_address_requirements":{"nesting_mode":"list","block":{"attributes":{"all":{"type":"bool","description_kind":"plain","optional":true},"foreign":{"type":"bool","description_kind":"plain","optional":true},"local":{"type":"bool","description_kind":"plain","optional":true}},"description_kind":"plain"},"max_items":1},"location":{"nesting_mode":"list","block":{"attributes":{"distance":{"type":"number","description_kind":"plain","optional":true},"in_lata":{"type":"string","description_kind":"plain","optional":true},"in_locality":{"type":"string","description_kind":"plain","optional":true},"in_postal_code":{"type":"string","description_kind":"plain","optional":true},"in_rate_center":{"type":"string","description_kind":"plain","optional":true},"in_region":{"type":"string","description_kind":"plain","optional":true},"near_lat_long":{"type":"string","description_kind":"plain","optional":true},"near_number":{"type":"string","description_kind":"plain","optional":true}},"description_kind":"plain"},"max_items":1},"timeouts":{"nesting_mode":"single","block":{"attributes":{"read":{"type":"string","description_kind":"plain","optional":true}},"description_kind":"plain"}}},"description_kind":"plain"}},"twilio_phone_number_available_toll_free_numbers":{"version":0,"block":{"attributes":{"account_sid":{"type":"string","description_kind":"plain","required":true},"allow_beta_numbers":{"type":"bool","description_kind":"plain","optional":true},"area_code":{"type":"number","description_kind":"plain","optional":true},"available_phone_numbers":{"type":["list",["object",{"address_requirements":"string","beta":"bool","capabilities":["list",["object",{"fax":"bool","mms":"bool","sms":"bool","voice":"bool"}]],"friendly_name":"string","lata":"string","latitude":"string","locality":"string","longitude":"string","phone_number":"string","postal_code":"string","rate_center":"string","region":"string"}]],"description_kind":"plain","computed":true},"contains_number_pattern":{"type":"string","description_kind":"plain","optional":true},"id":{"type":"string","description_kind":"plain","optional":true,"computed":true},"iso_country":{"type":"string","description_kind":"plain","required":true},"limit":{"type":"number","description_kind":"plain","optional":true}},"block_types":{"capabilities":{"nesting_mode":"list","block":{"attributes":{"fax_enabled":{"type":"bool","description_kind":"plain","optional":true},"mms_enabled":{"type":"bool","description_kind":"plain","optional":true},"sms_enabled":{"type":"bool","description_kind":"plain","optional":true},"voice_enabled":{"type":"bool","description_kind":"plain","optional":true}},"description_kind":"plain"},"max_items":1},"exclude_address_requirements":{"nesting_mode":"list","block":{"attributes":{"all":{"type":"bool","description_kind":"plain","optional":true},"foreign":{"type":"bool","description_kind":"plain","optional":true},"local":{"type":"bool","description_kind":"plain","optional":true}},"description_kind":"plain"},"max_items":1},"location":{"nesting_mode":"list","block":{"attributes":{"distance":{"type":"number","description_kind":"plain","optional":true},"in_lata":{"type":"string","description_kind":"plain","optional":true},"in_locality":{"type":"string","description_kind":"plain","optional":true},"in_postal_code":{"type":"string","description_kind":"plain","optional":true},"in_rate_center":{"type":"string","description_kind":"plain","optional":true},"in_region":{"type":"string","description_kind":"plain","optional":true},"near_lat_long":{"type":"string","description_kind":"plain","optional":true},"near_number":{"type":"string","description_kind":"plain","optional":true}},"description_kind":"plain"},"max_items":1},"timeouts":{"nesting_mode":"single","block":{"attributes":{"read":{"type":"string","description_kind":"plain","optional":true}},"description_kind":"plain"}}},"description_kind":"plain"}},"twilio_phone_numbers":{"version":0,"block":{"attributes":{"account_sid":{"type":"string","description_kind":"plain","required":true},"id":{"type":"string","description_kind":"plain","optional":true,"computed":true},"phone_numbers":{"type":["list",["object",{"address_requirements":"string","address_sid":"string","beta":"bool","bundle_sid":"string","capabilities":["list",["object",{"fax":"bool","mms":"bool","sms":"bool","voice":"bool"}]],"date_created":"string","date_updated":"string","emergency_address_sid":"string","emergency_status":"string","fax":["list",["object",{"application_sid":"string","fallback_method":"string","fallback_url":"string","method":"string","url":"string"}]],"friendly_name":"string","identity_sid":"string","messaging":["list",["object",{"application_sid":"string","fallback_method":"string","fallback_url":"string","method":"string","url":"string"}]],"origin":"string","phone_number":"string","sid":"string","status":"string","status_callback_method":"string","status_callback_url":"string","trunk_sid":"string","voice":["list",["object",{"application_sid":"string","caller_id_lookup":"bool","fallback_method":"string","fallback_url":"string","method":"string","url":"string"}]]}]],"description_kind":"plain","computed":true}},"block_types":{"timeouts":{"nesting_mode":"single","block":{"attributes":{"read":{"type":"string","description_kind":"plain","optional":true}},"description_kind":"plain"}}},"description_kind":"plain"}},"twilio_proxy_phone_number":{"version":0,"block":{"attributes":{"account_sid":{"type":"string","description_kind":"plain","computed":true},"capabilities":{"type":["list",["object",{"fax_inbound":"bool","fax_outbound":"bool","mms_inbound":"bool","mms_outbound":"bool","restriction_fax_domestic":"bool","restriction_mms_domestic":"bool","restriction_sms_domestic":"bool","restriction_voice_domestic":"bool","sip_trunking":"bool","sms_inbound":"bool","sms_outbound":"bool","voice_inbound":"bool","voice_outbound":"bool"}]],"description_kind":"plain","computed":true},"date_created":{"type":"string","description_kind":"plain","computed":true},"date_updated":{"type":"string","description_kind":"plain","computed":true},"friendly_name":{"type":"string","description_kind":"plain","computed":true},"id":{"type":"string","description_kind":"plain","optional":true,"computed":true},"in_use":{"type":"number","description_kind":"plain","computed":true},"is_reserved":{"type":"bool","description_kind":"plain","computed":true},"iso_country":{"type":"string","description_kind":"plain","computed":true},"phone_number":{"type":"string","description_kind":"plain","computed":true},"service_sid":{"type":"string","description_kind":"plain","required":true},"sid":{"type":"string","description_kind":"plain","required":true},"url":{"type":"string","description_kind":"plain","computed":true}},"block_types":{"timeouts":{"nesting_mode":"single","block":{"attributes":{"read":{"type":"string","description_kind":"plain","optional":true}},"description_kind":"plain"}}},"description_kind":"plain"}},"twilio_proxy_phone_numbers":{"version":0,"block":{"attributes":{"account_sid":{"type":"string","description_kind":"plain","computed":true},"id":{"type":"string","description_kind":"plain","optional":true,"computed":true},"phone_numbers":{"type":["list",["object",{"capabilities":["list",["object",{"fax_inbound":"bool","fax_outbound":"bool","mms_inbound":"bool","mms_outbound":"bool","restriction_fax_domestic":"bool","restriction_mms_domestic":"bool","restriction_sms_domestic":"bool","restriction_voice_domestic":"bool","sip_trunking":"bool","sms_inbound":"bool","sms_outbound":"bool","voice_inbound":"bool","voice_outbound":"bool"}]],"date_created":"string","date_updated":"string","friendly_name":"string","in_use":"number","is_reserved":"bool","iso_country":"string","phone_number":"string","sid":"string","url":"string"}]],"description_kind":"plain","computed":true},"service_sid":{"type":"string","description_kind":"plain","required":true}},"block_types":{"timeouts":{"nesting_mode":"single","block":{"attributes":{"read":{"type":"string","description_kind":"plain","optional":true}},"description_kind":"plain"}}},"description_kind":"plain"}},"twilio_proxy_service":{"version":0,"block":{"attributes":{"account_sid":{"type":"string","description_kind":"plain","computed":true},"callback_url":{"type":"string","description_kind":"plain","computed":true},"chat_instance_sid":{"type":"string","description_kind":"plain","computed":true},"date_created":{"type":"string","description_kind":"plain","computed":true},"date_updated":{"type":"string","description_kind":"plain","computed":true},"default_ttl":{"type":"number","description_kind":"plain","computed":true},"geo_match_level":{"type":"string","description_kind":"plain","computed":true},"id":{"type":"string","description_kind":"plain","optional":true,"computed":true},"intercept_callback_url":{"type":"string","description_kind":"plain","computed":true},"number_selection_behavior":{"type":"string","description_kind":"plain","computed":true},"out_of_session_callback_url":{"type":"string","description_kind":"plain","computed":true},"sid":{"type":"string","description_kind":"plain","required":true},"unique_name":{"type":"string","description_kind":"plain","computed":true},"url":{"type":"string","description_kind":"plain","computed":true}},"block_types":{"timeouts":{"nesting_mode":"single","block":{"attributes":{"read":{"type":"string","description_kind":"plain","optional":true}},"description_kind":"plain"}}},"description_kind":"plain"}},"twilio_proxy_short_code":{"version":0,"block":{"attributes":{"account_sid":{"type":"string","description_kind":"plain","computed":true},"capabilities":{"type":["list",["object",{"fax_inbound":"bool","fax_outbound":"bool","mms_inbound":"bool","mms_outbound":"bool","restriction_fax_domestic":"bool","restriction_mms_domestic":"bool","restriction_sms_domestic":"bool","restriction_voice_domestic":"bool","sip_trunking":"bool","sms_inbound":"bool","sms_outbound":"bool","voice_inbound":"bool","voice_outbound":"bool"}]],"description_kind":"plain","computed":true},"date_created":{"type":"string","description_kind":"plain","computed":true},"date_updated":{"type":"string","description_kind":"plain","computed":true},"id":{"type":"string","description_kind":"plain","optional":true,"computed":true},"is_reserved":{"type":"bool","description_kind":"plain","computed":true},"iso_country":{"type":"string","description_kind":"plain","computed":true},"service_sid":{"type":"string","description_kind":"plain","required":true},"short_code":{"type":"string","description_kind":"plain","computed":true},"sid":{"type":"string","description_kind":"plain","required":true},"url":{"type":"string","description_kind":"plain","computed":true}},"block_types":{"timeouts":{"nesting_mode":"single","block":{"attributes":{"read":{"type":"string","description_kind":"plain","optional":true}},"description_kind":"plain"}}},"description_kind":"plain"}},"twilio_proxy_short_codes":{"version":0,"block":{"attributes":{"account_sid":{"type":"string","description_kind":"plain","computed":true},"id":{"type":"string","description_kind":"plain","optional":true,"computed":true},"service_sid":{"type":"string","description_kind":"plain","required":true},"short_codes":{"type":["list",["object",{"capabilities":["list",["object",{"fax_inbound":"bool","fax_outbound":"bool","mms_inbound":"bool","mms_outbound":"bool","restriction_fax_domestic":"bool","restriction_mms_domestic":"bool","restriction_sms_domestic":"bool","restriction_voice_domestic":"bool","sip_trunking":"bool","sms_inbound":"bool","sms_outbound":"bool","voice_inbound":"bool","voice_outbound":"bool"}]],"date_created":"string","date_updated":"string","is_reserved":"bool","iso_country":"string","short_code":"string","sid":"string","url":"string"}]],"description_kind":"plain","computed":true}},"block_types":{"timeouts":{"nesting_mode":"single","block":{"attributes":{"read":{"type":"string","description_kind":"plain","optional":true}},"description_kind":"plain"}}},"description_kind":"plain"}},"twilio_serverless_asset":{"version":0,"block":{"attributes":{"account_sid":{"type":"string","description_kind":"plain","computed":true},"date_created":{"type":"string","description_kind":"plain","computed":true},"date_updated":{"type":"string","description_kind":"plain","computed":true},"friendly_name":{"type":"string","description_kind":"plain","computed":true},"id":{"type":"string","description_kind":"plain","optional":true,"computed":true},"latest_version_sid":{"type":"string","description_kind":"plain","computed":true},"path":{"type":"string","description_kind":"plain","computed":true},"service_sid":{"type":"string","description_kind":"plain","required":true},"sid":{"type":"string","description_kind":"plain","required":true},"url":{"type":"string","description_kind":"plain","computed":true},"visibility":{"type":"string","description_kind":"plain","computed":true}},"block_types":{"timeouts":{"nesting_mode":"single","block":{"attributes":{"read":{"type":"string","description_kind":"plain","optional":true}},"description_kind":"plain"}}},"description_kind":"plain"}},"twilio_serverless_assets":{"version":0,"block":{"attributes":{"account_sid":{"type":"string","description_kind":"plain","computed":true},"assets":{"type":["list",["object",{"date_created":"string","date_updated":"string","friendly_name":"string","latest_version_sid":"string","path":"string","sid":"string","url":"string","visibility":"string"}]],"description_kind":"plain","computed":true},"id":{"type":"string","description_kind":"plain","optional":true,"computed":true},"service_sid":{"type":"string","description_kind":"plain","required":true}},"block_types":{"timeouts":{"nesting_mode":"single","block":{"attributes":{"read":{"type":"string","description_kind":"plain","optional":true}},"description_kind":"plain"}}},"description_kind":"plain"}},"twilio_serverless_build":{"version":0,"block":{"attributes":{"account_sid":{"type":"string","description_kind":"plain","computed":true},"asset_versions":{"type":["list",["object",{"account_sid":"string","asset_sid":"string","date_created":"string","path":"string","service_sid":"string","sid":"string","visibility":"string"}]],"description_kind":"plain","computed":true},"date_created":{"type":"string","description_kind":"plain","computed":true},"date_updated":{"type":"string","description_kind":"plain","computed":true},"dependencies":{"type":["map","string"],"description_kind":"plain","computed":true},"function_versions":{"type":["list",["object",{"account_sid":"string","date_created":"string","function_sid":"string","path":"string","service_sid":"string","sid":"string","visibility":"string"}]],"description_kind":"plain","computed":true},"id":{"type":"string","description_kind":"plain","optional":true,"computed":true},"runtime":{"type":"string","description_kind":"plain","computed":true},"service_sid":{"type":"string","description_kind":"plain","required":true},"sid":{"type":"string","description_kind":"plain","required":true},"status":{"type":"string","description_kind":"plain","computed":true},"url":{"type":"string","description_kind":"plain","computed":true}},"block_types":{"timeouts":{"nesting_mode":"single","block":{"attributes":{"read":{"type":"string","description_kind":"plain","optional":true}},"description_kind":"plain"}}},"description_kind":"plain"}},"twilio_serverless_builds":{"version":0,"block":{"attributes":{"account_sid":{"type":"string","description_kind":"plain","computed":true},"builds":{"type":["list",["object",{"asset_versions":["list",["object",{"account_sid":"string","asset_sid":"string","date_created":"string","path":"string","service_sid":"string","sid":"string","visibility":"string"}]],"date_created":"string","date_updated":"string","dependencies":["map","string"],"function_versions":["list",["object",{"account_sid":"string","date_created":"string","function_sid":"string","path":"string","service_sid":"string","sid":"string","visibility":"string"}]],"runtime":"string","sid":"string","status":"string","url":"string"}]],"description_kind":"plain","computed":true},"id":{"type":"string","description_kind":"plain","optional":true,"computed":true},"service_sid":{"type":"string","description_kind":"plain","required":true}},"block_types":{"timeouts":{"nesting_mode":"single","block":{"attributes":{"read":{"type":"string","description_kind":"plain","optional":true}},"description_kind":"plain"}}},"description_kind":"plain"}},"twilio_serverless_deployment":{"version":0,"block":{"attributes":{"account_sid":{"type":"string","description_kind":"plain","computed":true},"build_sid":{"type":"string","description_kind":"plain","computed":true},"date_created":{"type":"string","description_kind":"plain","computed":true},"date_updated":{"type":"string","description_kind":"plain","computed":true},"environment_sid":{"type":"string","description_kind":"plain","required":true},"id":{"type":"string","description_kind":"plain","optional":true,"computed":true},"service_sid":{"type":"string","description_kind":"plain","required":true},"sid":{"type":"string","description_kind":"plain","required":true},"url":{"type":"string","description_kind":"plain","computed":true}},"block_types":{"timeouts":{"nesting_mode":"single","block":{"attributes":{"read":{"type":"string","description_kind":"plain","optional":true}},"description_kind":"plain"}}},"description_kind":"plain"}},"twilio_serverless_deployments":{"version":0,"block":{"attributes":{"account_sid":{"type":"string","description_kind":"plain","computed":true},"deployments":{"type":["list",["object",{"build_sid":"string","date_created":"string","date_updated":"string","sid":"string","url":"string"}]],"description_kind":"plain","computed":true},"environment_sid":{"type":"string","description_kind":"plain","required":true},"id":{"type":"string","description_kind":"plain","optional":true,"computed":true},"service_sid":{"type":"string","description_kind":"plain","required":true}},"block_types":{"timeouts":{"nesting_mode":"single","block":{"attributes":{"read":{"type":"string","description_kind":"plain","optional":true}},"description_kind":"plain"}}},"description_kind":"plain"}},"twilio_serverless_environment":{"version":0,"block":{"attributes":{"account_sid":{"type":"string","description_kind":"plain","computed":true},"build_sid":{"type":"string","description_kind":"plain","computed":true},"date_created":{"type":"string","description_kind":"plain","computed":true},"date_updated":{"type":"string","description_kind":"plain","computed":true},"domain_name":{"type":"string","description_kind":"plain","computed":true},"domain_suffix":{"type":"string","description_kind":"plain","computed":true},"id":{"type":"string","description_kind":"plain","optional":true,"computed":true},"service_sid":{"type":"string","description_kind":"plain","required":true},"sid":{"type":"string","description_kind":"plain","required":true},"unique_name":{"type":"string","description_kind":"plain","computed":true},"url":{"type":"string","description_kind":"plain","computed":true}},"block_types":{"timeouts":{"nesting_mode":"single","block":{"attributes":{"read":{"type":"string","description_kind":"plain","optional":true}},"description_kind":"plain"}}},"description_kind":"plain"}},"twilio_serverless_environments":{"version":0,"block":{"attributes":{"account_sid":{"type":"string","description_kind":"plain","computed":true},"environments":{"type":["list",["object",{"build_sid":"string","date_created":"string","date_updated":"string","domain_name":"string","domain_suffix":"string","sid":"string","unique_name":"string","url":"string"}]],"description_kind":"plain","computed":true},"id":{"type":"string","description_kind":"plain","optional":true,"computed":true},"service_sid":{"type":"string","description_kind":"plain","required":true}},"block_types":{"timeouts":{"nesting_mode":"single","block":{"attributes":{"read":{"type":"string","description_kind":"plain","optional":true}},"description_kind":"plain"}}},"description_kind":"plain"}},"twilio_serverless_function":{"version":0,"block":{"attributes":{"account_sid":{"type":"string","description_kind":"plain","computed":true},"content":{"type":"string","description_kind":"plain","computed":true},"date_created":{"type":"string","description_kind":"plain","computed":true},"date_updated":{"type":"string","description_kind":"plain","computed":true},"friendly_name":{"type":"string","description_kind":"plain","computed":true},"id":{"type":"string","description_kind":"plain","optional":true,"computed":true},"latest_version_sid":{"type":"string","description_kind":"plain","computed":true},"path":{"type":"string","description_kind":"plain","computed":true},"service_sid":{"type":"string","description_kind":"plain","required":true},"sid":{"type":"string","description_kind":"plain","required":true},"url":{"type":"string","description_kind":"plain","computed":true},"visibility":{"type":"string","description_kind":"plain","computed":true}},"block_types":{"timeouts":{"nesting_mode":"single","block":{"attributes":{"read":{"type":"string","description_kind":"plain","optional":true}},"description_kind":"plain"}}},"description_kind":"plain"}},"twilio_serverless_functions":{"version":0,"block":{"attributes":{"account_sid":{"type":"string","description_kind":"plain","computed":true},"functions":{"type":["list",["object",{"content":"string","date_created":"string","date_updated":"string","friendly_name":"string","latest_version_sid":"string","path":"string","sid":"string","url":"string","visibility":"string"}]],"description_kind":"plain","computed":true},"id":{"type":"string","description_kind":"plain","optional":true,"computed":true},"service_sid":{"type":"string","description_kind":"plain","required":true}},"block_types":{"timeouts":{"nesting_mode":"single","block":{"attributes":{"read":{"type":"string","description_kind":"plain","optional":true}},"description_kind":"plain"}}},"description_kind":"plain"}},"twilio_serverless_service":{"version":0,"block":{"attributes":{"account_sid":{"type":"string","description_kind":"plain","computed":true},"date_created":{"type":"string","description_kind":"plain","computed":true},"date_updated":{"type":"string","description_kind":"plain","computed":true},"friendly_name":{"type":"string","description_kind":"plain","computed":true},"id":{"type":"string","description_kind":"plain","optional":true,"computed":true},"include_credentials":{"type":"bool","description_kind":"plain","computed":true},"sid":{"type":"string","description_kind":"plain","required":true},"ui_editable":{"type":"bool","description_kind":"plain","computed":true},"unique_name":{"type":"string","description_kind":"plain","computed":true},"url":{"type":"string","description_kind":"plain","computed":true}},"block_types":{"timeouts":{"nesting_mode":"single","block":{"attributes":{"read":{"type":"string","description_kind":"plain","optional":true}},"description_kind":"plain"}}},"description_kind":"plain"}},"twilio_serverless_variable":{"version":0,"block":{"attributes":{"account_sid":{"type":"string","description_kind":"plain","computed":true},"date_created":{"type":"string","description_kind":"plain","computed":true},"date_updated":{"type":"string","description_kind":"plain","computed":true},"environment_sid":{"type":"string","description_kind":"plain","required":true},"id":{"type":"string","description_kind":"plain","optional":true,"computed":true},"key":{"type":"string","description_kind":"plain","computed":true},"service_sid":{"type":"string","description_kind":"plain","required":true},"sid":{"type":"string","description_kind":"plain","required":true},"url":{"type":"string","description_kind":"plain","computed":true},"value":{"type":"string","description_kind":"plain","computed":true}},"block_types":{"timeouts":{"nesting_mode":"single","block":{"attributes":{"read":{"type":"string","description_kind":"plain","optional":true}},"description_kind":"plain"}}},"description_kind":"plain"}},"twilio_serverless_variables":{"version":0,"block":{"attributes":{"account_sid":{"type":"string","description_kind":"plain","computed":true},"environment_sid":{"type":"string","description_kind":"plain","required":true},"id":{"type":"string","description_kind":"plain","optional":true,"computed":true},"service_sid":{"type":"string","description_kind":"plain","required":true},"variables":{"type":["list",["object",{"date_created":"string","date_updated":"string","key":"string","sid":"string","url":"string","value":"string"}]],"description_kind":"plain","computed":true}},"block_types":{"timeouts":{"nesting_mode":"single","block":{"attributes":{"read":{"type":"string","description_kind":"plain","optional":true}},"description_kind":"plain"}}},"description_kind":"plain"}},"twilio_sip_credential":{"version":0,"block":{"attributes":{"account_sid":{"type":"string","description_kind":"plain","required":true},"credential_list_sid":{"type":"string","description_kind":"plain","required":true},"date_created":{"type":"string","description_kind":"plain","computed":true},"date_updated":{"type":"string","description_kind":"plain","computed":true},"id":{"type":"string","description_kind":"plain","optional":true,"computed":true},"sid":{"type":"string","description_kind":"plain","required":true},"username":{"type":"string","description_kind":"plain","computed":true}},"block_types":{"timeouts":{"nesting_mode":"single","block":{"attributes":{"read":{"type":"string","description_kind":"plain","optional":true}},"description_kind":"plain"}}},"description_kind":"plain"}},"twilio_sip_credential_list":{"version":0,"block":{"attributes":{"account_sid":{"type":"string","description_kind":"plain","required":true},"date_created":{"type":"string","description_kind":"plain","computed":true},"date_updated":{"type":"string","description_kind":"plain","computed":true},"friendly_name":{"type":"string","description_kind":"plain","computed":true},"id":{"type":"string","description_kind":"plain","optional":true,"computed":true},"sid":{"type":"string","description_kind":"plain","required":true}},"block_types":{"timeouts":{"nesting_mode":"single","block":{"attributes":{"read":{"type":"string","description_kind":"plain","optional":true}},"description_kind":"plain"}}},"description_kind":"plain"}},"twilio_sip_credentials":{"version":0,"block":{"attributes":{"account_sid":{"type":"string","description_kind":"plain","required":true},"credential_list_sid":{"type":"string","description_kind":"plain","required":true},"credentials":{"type":["list",["object",{"date_created":"string","date_updated":"string","sid":"string","username":"string"}]],"description_kind":"plain","computed":true},"id":{"type":"string","description_kind":"plain","optional":true,"computed":true}},"block_types":{"timeouts":{"nesting_mode":"single","block":{"attributes":{"read":{"type":"string","description_kind":"plain","optional":true}},"description_kind":"plain"}}},"description_kind":"plain"}},"twilio_sip_domain":{"version":0,"block":{"attributes":{"account_sid":{"type":"string","description_kind":"plain","required":true},"auth_type":{"type":"string","description_kind":"plain","computed":true},"byoc_trunk_sid":{"type":"string","description_kind":"plain","computed":true},"date_created":{"type":"string","description_kind":"plain","computed":true},"date_updated":{"type":"string","description_kind":"plain","computed":true},"domain_name":{"type":"string","description_kind":"plain","computed":true},"emergency":{"type":["list",["object",{"caller_sid":"string","calling_enabled":"bool"}]],"description_kind":"plain","computed":true},"friendly_name":{"type":"string","description_kind":"plain","computed":true},"id":{"type":"string","description_kind":"plain","optional":true,"computed":true},"secure":{"type":"bool","description_kind":"plain","computed":true},"sid":{"type":"string","description_kind":"plain","required":true},"sip_registration":{"type":"bool","description_kind":"plain","computed":true},"voice":{"type":["list",["object",{"fallback_method":"string","fallback_url":"string","method":"string","status_callback_method":"string","status_callback_url":"string","url":"string"}]],"description_kind":"plain","computed":true}},"block_types":{"timeouts":{"nesting_mode":"single","block":{"attributes":{"read":{"type":"string","description_kind":"plain","optional":true}},"description_kind":"plain"}}},"description_kind":"plain"}},"twilio_sip_domain_credential_list_mapping":{"version":0,"block":{"attributes":{"account_sid":{"type":"string","description_kind":"plain","required":true},"date_created":{"type":"string","description_kind":"plain","computed":true},"date_updated":{"type":"string","description_kind":"plain","computed":true},"domain_sid":{"type":"string","description_kind":"plain","required":true},"friendly_name":{"type":"string","description_kind":"plain","computed":true},"id":{"type":"string","description_kind":"plain","optional":true,"computed":true},"sid":{"type":"string","description_kind":"plain","required":true}},"block_types":{"timeouts":{"nesting_mode":"single","block":{"attributes":{"read":{"type":"string","description_kind":"plain","optional":true}},"description_kind":"plain"}}},"description_kind":"plain"}},"twilio_sip_domain_credential_list_mappings":{"version":0,"block":{"attributes":{"account_sid":{"type":"string","description_kind":"plain","required":true},"credential_list_mappings":{"type":["list",["object",{"date_created":"string","date_updated":"string","friendly_name":"string","sid":"string"}]],"description_kind":"plain","computed":true},"domain_sid":{"type":"string","description_kind":"plain","required":true},"id":{"type":"string","description_kind":"plain","optional":true,"computed":true}},"block_types":{"timeouts":{"nesting_mode":"single","block":{"attributes":{"read":{"type":"string","description_kind":"plain","optional":true}},"description_kind":"plain"}}},"description_kind":"plain"}},"twilio_sip_domain_ip_access_control_list_mapping":{"version":0,"block":{"attributes":{"account_sid":{"type":"string","description_kind":"plain","required":true},"date_created":{"type":"string","description_kind":"plain","computed":true},"date_updated":{"type":"string","description_kind":"plain","computed":true},"domain_sid":{"type":"string","description_kind":"plain","required":true},"friendly_name":{"type":"string","description_kind":"plain","computed":true},"id":{"type":"string","description_kind":"plain","optional":true,"computed":true},"sid":{"type":"string","description_kind":"plain","required":true}},"block_types":{"timeouts":{"nesting_mode":"single","block":{"attributes":{"read":{"type":"string","description_kind":"plain","optional":true}},"description_kind":"plain"}}},"description_kind":"plain"}},"twilio_sip_domain_ip_access_control_list_mappings":{"version":0,"block":{"attributes":{"account_sid":{"type":"string","description_kind":"plain","required":true},"domain_sid":{"type":"string","description_kind":"plain","required":true},"id":{"type":"string","description_kind":"plain","optional":true,"computed":true},"ip_access_control_list_mappings":{"type":["list",["object",{"date_created":"string","date_updated":"string","friendly_name":"string","sid":"string"}]],"description_kind":"plain","computed":true}},"block_types":{"timeouts":{"nesting_mode":"single","block":{"attributes":{"read":{"type":"string","description_kind":"plain","optional":true}},"description_kind":"plain"}}},"description_kind":"plain"}},"twilio_sip_ip_access_control_list":{"version":0,"block":{"attributes":{"account_sid":{"type":"string","description_kind":"plain","required":true},"date_created":{"type":"string","description_kind":"plain","computed":true},"date_updated":{"type":"string","description_kind":"plain","computed":true},"friendly_name":{"type":"string","description_kind":"plain","computed":true},"id":{"type":"string","description_kind":"plain","optional":true,"computed":true},"sid":{"type":"string","description_kind":"plain","required":true}},"block_types":{"timeouts":{"nesting_mode":"single","block":{"attributes":{"read":{"type":"string","description_kind":"plain","optional":true}},"description_kind":"plain"}}},"description_kind":"plain"}},"twilio_sip_ip_address":{"version":0,"block":{"attributes":{"account_sid":{"type":"string","description_kind":"plain","required":true},"cidr_length_prefix":{"type":"number","description_kind":"plain","computed":true},"date_created":{"type":"string","description_kind":"plain","computed":true},"date_updated":{"type":"string","description_kind":"plain","computed":true},"friendly_name":{"type":"string","description_kind":"plain","computed":true},"id":{"type":"string","description_kind":"plain","optional":true,"computed":true},"ip_access_control_list_sid":{"type":"string","description_kind":"plain","required":true},"ip_address":{"type":"string","description_kind":"plain","computed":true},"sid":{"type":"string","description_kind":"plain","required":true}},"block_types":{"timeouts":{"nesting_mode":"single","block":{"attributes":{"read":{"type":"string","description_kind":"plain","optional":true}},"description_kind":"plain"}}},"description_kind":"plain"}},"twilio_sip_ip_addresses":{"version":0,"block":{"attributes":{"account_sid":{"type":"string","description_kind":"plain","required":true},"id":{"type":"string","description_kind":"plain","optional":true,"computed":true},"ip_access_control_list_sid":{"type":"string","description_kind":"plain","required":true},"ip_addresses":{"type":["list",["object",{"cidr_length_prefix":"number","date_created":"string","date_updated":"string","friendly_name":"string","ip_address":"string","sid":"string"}]],"description_kind":"plain","computed":true}},"block_types":{"timeouts":{"nesting_mode":"single","block":{"attributes":{"read":{"type":"string","description_kind":"plain","optional":true}},"description_kind":"plain"}}},"description_kind":"plain"}},"twilio_sip_trunking_credential_list":{"version":0,"block":{"attributes":{"account_sid":{"type":"string","description_kind":"plain","computed":true},"date_created":{"type":"string","description_kind":"plain","computed":true},"date_updated":{"type":"string","description_kind":"plain","computed":true},"friendly_name":{"type":"string","description_kind":"plain","computed":true},"id":{"type":"string","description_kind":"plain","optional":true,"computed":true},"sid":{"type":"string","description_kind":"plain","required":true},"trunk_sid":{"type":"string","description_kind":"plain","required":true},"url":{"type":"string","description_kind":"plain","computed":true}},"block_types":{"timeouts":{"nesting_mode":"single","block":{"attributes":{"read":{"type":"string","description_kind":"plain","optional":true}},"description_kind":"plain"}}},"description_kind":"plain"}},"twilio_sip_trunking_credential_lists":{"version":0,"block":{"attributes":{"account_sid":{"type":"string","description_kind":"plain","computed":true},"credential_lists":{"type":["list",["object",{"date_created":"string","date_updated":"string","friendly_name":"string","sid":"string","url":"string"}]],"description_kind":"plain","computed":true},"id":{"type":"string","description_kind":"plain","optional":true,"computed":true},"trunk_sid":{"type":"string","description_kind":"plain","required":true}},"block_types":{"timeouts":{"nesting_mode":"single","block":{"attributes":{"read":{"type":"string","description_kind":"plain","optional":true}},"description_kind":"plain"}}},"description_kind":"plain"}},"twilio_sip_trunking_ip_access_control_list":{"version":0,"block":{"attributes":{"account_sid":{"type":"string","description_kind":"plain","computed":true},"date_created":{"type":"string","description_kind":"plain","computed":true},"date_updated":{"type":"string","description_kind":"plain","computed":true},"friendly_name":{"type":"string","description_kind":"plain","computed":true},"id":{"type":"string","description_kind":"plain","optional":true,"computed":true},"sid":{"type":"string","description_kind":"plain","required":true},"trunk_sid":{"type":"string","description_kind":"plain","required":true},"url":{"type":"string","description_kind":"plain","computed":true}},"block_types":{"timeouts":{"nesting_mode":"single","block":{"attributes":{"read":{"type":"string","description_kind":"plain","optional":true}},"description_kind":"plain"}}},"description_kind":"plain"}},"twilio_sip_trunking_ip_access_control_lists":{"version":0,"block":{"attributes":{"account_sid":{"type":"string","description_kind":"plain","computed":true},"id":{"type":"string","description_kind":"plain","optional":true,"computed":true},"ip_access_control_lists":{"type":["list",["object",{"date_created":"string","date_updated":"string","friendly_name":"string","sid":"string","url":"string"}]],"description_kind":"plain","computed":true},"trunk_sid":{"type":"string","description_kind":"plain","required":true}},"block_types":{"timeouts":{"nesting_mode":"single","block":{"attributes":{"read":{"type":"string","description_kind":"plain","optional":true}},"description_kind":"plain"}}},"description_kind":"plain"}},"twilio_sip_trunking_origination_url":{"version":0,"block":{"attributes":{"account_sid":{"type":"string","description_kind":"plain","computed":true},"date_created":{"type":"string","description_kind":"plain","computed":true},"date_updated":{"type":"string","description_kind":"plain","computed":true},"enabled":{"type":"bool","description_kind":"plain","computed":true},"friendly_name":{"type":"string","description_kind":"plain","computed":true},"id":{"type":"string","description_kind":"plain","optional":true,"computed":true},"priority":{"type":"number","description_kind":"plain","computed":true},"sid":{"type":"string","description_kind":"plain","required":true},"sip_url":{"type":"string","description_kind":"plain","computed":true},"trunk_sid":{"type":"string","description_kind":"plain","required":true},"url":{"type":"string","description_kind":"plain","computed":true},"weight":{"type":"number","description_kind":"plain","computed":true}},"block_types":{"timeouts":{"nesting_mode":"single","block":{"attributes":{"read":{"type":"string","description_kind":"plain","optional":true}},"description_kind":"plain"}}},"description_kind":"plain"}},"twilio_sip_trunking_origination_urls":{"version":0,"block":{"attributes":{"account_sid":{"type":"string","description_kind":"plain","computed":true},"id":{"type":"string","description_kind":"plain","optional":true,"computed":true},"origination_urls":{"type":["list",["object",{"date_created":"string","date_updated":"string","enabled":"bool","friendly_name":"string","priority":"number","sid":"string","sip_url":"string","url":"string","weight":"number"}]],"description_kind":"plain","computed":true},"trunk_sid":{"type":"string","description_kind":"plain","required":true}},"block_types":{"timeouts":{"nesting_mode":"single","block":{"attributes":{"read":{"type":"string","description_kind":"plain","optional":true}},"description_kind":"plain"}}},"description_kind":"plain"}},"twilio_sip_trunking_phone_number":{"version":0,"block":{"attributes":{"account_sid":{"type":"string","description_kind":"plain","computed":true},"address_requirements":{"type":"string","description_kind":"plain","computed":true},"beta":{"type":"bool","description_kind":"plain","computed":true},"capabilities":{"type":["list",["object",{"fax":"bool","mms":"bool","sms":"bool","voice":"bool"}]],"description_kind":"plain","computed":true},"date_created":{"type":"string","description_kind":"plain","computed":true},"date_updated":{"type":"string","description_kind":"plain","computed":true},"fax":{"type":["list",["object",{"application_sid":"string","fallback_method":"string","fallback_url":"string","method":"string","url":"string"}]],"description_kind":"plain","computed":true},"friendly_name":{"type":"string","description_kind":"plain","computed":true},"id":{"type":"string","description_kind":"plain","optional":true,"computed":true},"messaging":{"type":["list",["object",{"application_sid":"string","fallback_method":"string","fallback_url":"string","method":"string","url":"string"}]],"description_kind":"plain","computed":true},"phone_number":{"type":"string","description_kind":"plain","computed":true},"sid":{"type":"string","description_kind":"plain","required":true},"status_callback_method":{"type":"string","description_kind":"plain","computed":true},"status_callback_url":{"type":"string","description_kind":"plain","computed":true},"trunk_sid":{"type":"string","description_kind":"plain","required":true},"url":{"type":"string","description_kind":"plain","computed":true},"voice":{"type":["list",["object",{"application_sid":"string","caller_id_lookup":"bool","fallback_method":"string","fallback_url":"string","method":"string","url":"string"}]],"description_kind":"plain","computed":true}},"block_types":{"timeouts":{"nesting_mode":"single","block":{"attributes":{"read":{"type":"string","description_kind":"plain","optional":true}},"description_kind":"plain"}}},"description_kind":"plain"}},"twilio_sip_trunking_phone_numbers":{"version":0,"block":{"attributes":{"account_sid":{"type":"string","description_kind":"plain","computed":true},"id":{"type":"string","description_kind":"plain","optional":true,"computed":true},"phone_numbers":{"type":["list",["object",{"address_requirements":"string","beta":"bool","capabilities":["list",["object",{"fax":"bool","mms":"bool","sms":"bool","voice":"bool"}]],"date_created":"string","date_updated":"string","fax":["list",["object",{"application_sid":"string","fallback_method":"string","fallback_url":"string","method":"string","url":"string"}]],"friendly_name":"string","messaging":["list",["object",{"application_sid":"string","fallback_method":"string","fallback_url":"string","method":"string","url":"string"}]],"phone_number":"string","sid":"string","status_callback_method":"string","status_callback_url":"string","url":"string","voice":["list",["object",{"application_sid":"string","caller_id_lookup":"bool","fallback_method":"string","fallback_url":"string","method":"string","url":"string"}]]}]],"description_kind":"plain","computed":true},"trunk_sid":{"type":"string","description_kind":"plain","required":true}},"block_types":{"timeouts":{"nesting_mode":"single","block":{"attributes":{"read":{"type":"string","description_kind":"plain","optional":true}},"description_kind":"plain"}}},"description_kind":"plain"}},"twilio_sip_trunking_trunk":{"version":0,"block":{"attributes":{"account_sid":{"type":"string","description_kind":"plain","computed":true},"auth_type":{"type":"string","description_kind":"plain","computed":true},"auth_type_set":{"type":["list","string"],"description_kind":"plain","computed":true},"cnam_lookup_enabled":{"type":"bool","description_kind":"plain","computed":true},"date_created":{"type":"string","description_kind":"plain","computed":true},"date_updated":{"type":"string","description_kind":"plain","computed":true},"disaster_recovery_method":{"type":"string","description_kind":"plain","computed":true},"disaster_recovery_url":{"type":"string","description_kind":"plain","computed":true},"domain_name":{"type":"string","description_kind":"plain","computed":true},"friendly_name":{"type":"string","description_kind":"plain","computed":true},"id":{"type":"string","description_kind":"plain","optional":true,"computed":true},"recording":{"type":["list",["object",{"mode":"string","trim":"string"}]],"description_kind":"plain","computed":true},"secure":{"type":"bool","description_kind":"plain","computed":true},"sid":{"type":"string","description_kind":"plain","required":true},"transfer_mode":{"type":"string","description_kind":"plain","computed":true},"url":{"type":"string","description_kind":"plain","computed":true}},"block_types":{"timeouts":{"nesting_mode":"single","block":{"attributes":{"read":{"type":"string","description_kind":"plain","optional":true}},"description_kind":"plain"}}},"description_kind":"plain"}},"twilio_studio_flow":{"version":0,"block":{"attributes":{"account_sid":{"type":"string","description_kind":"plain","computed":true},"commit_message":{"type":"string","description_kind":"plain","computed":true},"date_created":{"type":"string","description_kind":"plain","computed":true},"date_updated":{"type":"string","description_kind":"plain","computed":true},"definition":{"type":"string","description_kind":"plain","computed":true},"friendly_name":{"type":"string","description_kind":"plain","computed":true},"id":{"type":"string","description_kind":"plain","optional":true,"computed":true},"revision":{"type":"number","description_kind":"plain","computed":true},"sid":{"type":"string","description_kind":"plain","required":true},"status":{"type":"string","description_kind":"plain","computed":true},"url":{"type":"string","description_kind":"plain","computed":true},"valid":{"type":"bool","description_kind":"plain","computed":true},"webhook_url":{"type":"string","description_kind":"plain","computed":true}},"block_types":{"timeouts":{"nesting_mode":"single","block":{"attributes":{"read":{"type":"string","description_kind":"plain","optional":true}},"description_kind":"plain"}}},"description_kind":"plain"}},"twilio_taskrouter_activities":{"version":0,"block":{"attributes":{"account_sid":{"type":"string","description_kind":"plain","computed":true},"activities":{"type":["list",["object",{"available":"bool","date_created":"string","date_updated":"string","friendly_name":"string","sid":"string","url":"string"}]],"description_kind":"plain","computed":true},"id":{"type":"string","description_kind":"plain","optional":true,"computed":true},"workspace_sid":{"type":"string","description_kind":"plain","required":true}},"block_types":{"timeouts":{"nesting_mode":"single","block":{"attributes":{"read":{"type":"string","description_kind":"plain","optional":true}},"description_kind":"plain"}}},"description_kind":"plain"}},"twilio_taskrouter_activity":{"version":0,"block":{"attributes":{"account_sid":{"type":"string","description_kind":"plain","computed":true},"available":{"type":"bool","description_kind":"plain","computed":true},"date_created":{"type":"string","description_kind":"plain","computed":true},"date_updated":{"type":"string","description_kind":"plain","computed":true},"friendly_name":{"type":"string","description_kind":"plain","computed":true},"id":{"type":"string","description_kind":"plain","optional":true,"computed":true},"sid":{"type":"string","description_kind":"plain","required":true},"url":{"type":"string","description_kind":"plain","computed":true},"workspace_sid":{"type":"string","description_kind":"plain","required":true}},"block_types":{"timeouts":{"nesting_mode":"single","block":{"attributes":{"read":{"type":"string","description_kind":"plain","optional":true}},"description_kind":"plain"}}},"description_kind":"plain"}},"twilio_taskrouter_task_channel":{"version":0,"block":{"attributes":{"account_sid":{"type":"string","description_kind":"plain","computed":true},"channel_optimized_routing":{"type":"bool","description_kind":"plain","computed":true},"date_created":{"type":"string","description_kind":"plain","computed":true},"date_updated":{"type":"string","description_kind":"plain","computed":true},"friendly_name":{"type":"string","description_kind":"plain","computed":true},"id":{"type":"string","description_kind":"plain","optional":true,"computed":true},"sid":{"type":"string","description_kind":"plain","required":true},"unique_name":{"type":"string","description_kind":"plain","computed":true},"url":{"type":"string","description_kind":"plain","computed":true},"workspace_sid":{"type":"string","description_kind":"plain","required":true}},"block_types":{"timeouts":{"nesting_mode":"single","block":{"attributes":{"read":{"type":"string","description_kind":"plain","optional":true}},"description_kind":"plain"}}},"description_kind":"plain"}},"twilio_taskrouter_task_channels":{"version":0,"block":{"attributes":{"account_sid":{"type":"string","description_kind":"plain","computed":true},"id":{"type":"string","description_kind":"plain","optional":true,"computed":true},"task_channels":{"type":["list",["object",{"channel_optimized_routing":"bool","date_created":"string","date_updated":"string","friendly_name":"string","sid":"string","unique_name":"string","url":"string"}]],"description_kind":"plain","computed":true},"workspace_sid":{"type":"string","description_kind":"plain","required":true}},"block_types":{"timeouts":{"nesting_mode":"single","block":{"attributes":{"read":{"type":"string","description_kind":"plain","optional":true}},"description_kind":"plain"}}},"description_kind":"plain"}},"twilio_taskrouter_task_queue":{"version":0,"block":{"attributes":{"account_sid":{"type":"string","description_kind":"plain","computed":true},"assignment_activity_name":{"type":"string","description_kind":"plain","computed":true},"assignment_activity_sid":{"type":"string","description_kind":"plain","computed":true},"date_created":{"type":"string","description_kind":"plain","computed":true},"date_updated":{"type":"string","description_kind":"plain","computed":true},"friendly_name":{"type":"string","description_kind":"plain","computed":true},"id":{"type":"string","description_kind":"plain","optional":true,"computed":true},"max_reserved_workers":{"type":"number","description_kind":"plain","computed":true},"reservation_activity_name":{"type":"string","description_kind":"plain","computed":true},"reservation_activity_sid":{"type":"string","description_kind":"plain","computed":true},"sid":{"type":"string","description_kind":"plain","required":true},"target_workers":{"type":"string","description_kind":"plain","computed":true},"task_order":{"type":"string","description_kind":"plain","computed":true},"url":{"type":"string","description_kind":"plain","computed":true},"workspace_sid":{"type":"string","description_kind":"plain","required":true}},"block_types":{"timeouts":{"nesting_mode":"single","block":{"attributes":{"read":{"type":"string","description_kind":"plain","optional":true}},"description_kind":"plain"}}},"description_kind":"plain"}},"twilio_taskrouter_task_queues":{"version":0,"block":{"attributes":{"account_sid":{"type":"string","description_kind":"plain","computed":true},"id":{"type":"string","description_kind":"plain","optional":true,"computed":true},"task_queues":{"type":["list",["object",{"assignment_activity_name":"string","assignment_activity_sid":"string","date_created":"string","date_updated":"string","friendly_name":"string","max_reserved_workers":"number","reservation_activity_name":"string","reservation_activity_sid":"string","sid":"string","target_workers":"string","task_order":"string","url":"string"}]],"description_kind":"plain","computed":true},"workspace_sid":{"type":"string","description_kind":"plain","required":true}},"block_types":{"timeouts":{"nesting_mode":"single","block":{"attributes":{"read":{"type":"string","description_kind":"plain","optional":true}},"description_kind":"plain"}}},"description_kind":"plain"}},"twilio_taskrouter_worker":{"version":0,"block":{"attributes":{"account_sid":{"type":"string","description_kind":"plain","computed":true},"activity_name":{"type":"string","description_kind":"plain","computed":true},"activity_sid":{"type":"string","description_kind":"plain","computed":true},"attributes":{"type":"string","description_kind":"plain","computed":true},"available":{"type":"bool","description_kind":"plain","computed":true},"date_created":{"type":"string","description_kind":"plain","computed":true},"date_status_changed":{"type":"string","description_kind":"plain","computed":true},"date_updated":{"type":"string","description_kind":"plain","computed":true},"friendly_name":{"type":"string","description_kind":"plain","computed":true},"id":{"type":"string","description_kind":"plain","optional":true,"computed":true},"sid":{"type":"string","description_kind":"plain","required":true},"url":{"type":"string","description_kind":"plain","computed":true},"workspace_sid":{"type":"string","description_kind":"plain","required":true}},"block_types":{"timeouts":{"nesting_mode":"single","block":{"attributes":{"read":{"type":"string","description_kind":"plain","optional":true}},"description_kind":"plain"}}},"description_kind":"plain"}},"twilio_taskrouter_workers":{"version":0,"block":{"attributes":{"account_sid":{"type":"string","description_kind":"plain","computed":true},"id":{"type":"string","description_kind":"plain","optional":true,"computed":true},"workers":{"type":["list",["object",{"activity_name":"string","activity_sid":"string","attributes":"string","available":"bool","date_created":"string","date_status_changed":"string","date_updated":"string","friendly_name":"string","sid":"string","url":"string"}]],"description_kind":"plain","computed":true},"workspace_sid":{"type":"string","description_kind":"plain","required":true}},"block_types":{"timeouts":{"nesting_mode":"single","block":{"attributes":{"read":{"type":"string","description_kind":"plain","optional":true}},"description_kind":"plain"}}},"description_kind":"plain"}},"twilio_taskrouter_workflow":{"version":0,"block":{"attributes":{"account_sid":{"type":"string","description_kind":"plain","computed":true},"assignment_callback_url":{"type":"string","description_kind":"plain","computed":true},"configuration":{"type":"string","description_kind":"plain","computed":true},"date_created":{"type":"string","description_kind":"plain","computed":true},"date_updated":{"type":"string","description_kind":"plain","computed":true},"document_content_type":{"type":"string","description_kind":"plain","computed":true},"fallback_assignment_callback_url":{"type":"string","description_kind":"plain","computed":true},"friendly_name":{"type":"string","description_kind":"plain","computed":true},"id":{"type":"string","description_kind":"plain","optional":true,"computed":true},"sid":{"type":"string","description_kind":"plain","required":true},"task_reservation_timeout":{"type":"number","description_kind":"plain","computed":true},"url":{"type":"string","description_kind":"plain","computed":true},"workspace_sid":{"type":"string","description_kind":"plain","required":true}},"block_types":{"timeouts":{"nesting_mode":"single","block":{"attributes":{"read":{"type":"string","description_kind":"plain","optional":true}},"description_kind":"plain"}}},"description_kind":"plain"}},"twilio_taskrouter_workflows":{"version":0,"block":{"attributes":{"account_sid":{"type":"string","description_kind":"plain","computed":true},"id":{"type":"string","description_kind":"plain","optional":true,"computed":true},"workflows":{"type":["list",["object",{"assignment_callback_url":"string","configuration":"string","date_created":"string","date_updated":"string","document_content_type":"string","fallback_assignment_callback_url":"string","friendly_name":"string","sid":"string","task_reservation_timeout":"number","url":"string"}]],"description_kind":"plain","computed":true},"workspace_sid":{"type":"string","description_kind":"plain","required":true}},"block_types":{"timeouts":{"nesting_mode":"single","block":{"attributes":{"read":{"type":"string","description_kind":"plain","optional":true}},"description_kind":"plain"}}},"description_kind":"plain"}},"twilio_taskrouter_workspace":{"version":0,"block":{"attributes":{"account_sid":{"type":"string","description_kind":"plain","computed":true},"date_created":{"type":"string","description_kind":"plain","computed":true},"date_updated":{"type":"string","description_kind":"plain","computed":true},"default_activity_name":{"type":"string","description_kind":"plain","computed":true},"default_activity_sid":{"type":"string","description_kind":"plain","computed":true},"event_callback_url":{"type":"string","description_kind":"plain","computed":true},"event_filters":{"type":["list","string"],"description_kind":"plain","computed":true},"friendly_name":{"type":"string","description_kind":"plain","computed":true},"id":{"type":"string","description_kind":"plain","optional":true,"computed":true},"multi_task_enabled":{"type":"bool","description_kind":"plain","computed":true},"prioritize_queue_order":{"type":"string","description_kind":"plain","computed":true},"sid":{"type":"string","description_kind":"plain","required":true},"timeout_activity_name":{"type":"string","description_kind":"plain","computed":true},"timeout_activity_sid":{"type":"string","description_kind":"plain","computed":true},"url":{"type":"string","description_kind":"plain","computed":true}},"block_types":{"timeouts":{"nesting_mode":"single","block":{"attributes":{"read":{"type":"string","description_kind":"plain","optional":true}},"description_kind":"plain"}}},"description_kind":"plain"}},"twilio_video_composition_hook":{"version":0,"block":{"attributes":{"account_sid":{"type":"string","description_kind":"plain","computed":true},"audio_sources":{"type":["list","string"],"description_kind":"plain","computed":true},"audio_sources_excluded":{"type":["list","string"],"description_kind":"plain","computed":true},"date_created":{"type":"string","description_kind":"plain","computed":true},"date_updated":{"type":"string","description_kind":"plain","computed":true},"enabled":{"type":"bool","description_kind":"plain","computed":true},"format":{"type":"string","description_kind":"plain","computed":true},"friendly_name":{"type":"string","description_kind":"plain","computed":true},"id":{"type":"string","description_kind":"plain","optional":true,"computed":true},"resolution":{"type":"string","description_kind":"plain","computed":true},"sid":{"type":"string","description_kind":"plain","required":true},"status_callback_method":{"type":"string","description_kind":"plain","computed":true},"status_callback_url":{"type":"string","description_kind":"plain","computed":true},"trim":{"type":"bool","description_kind":"plain","computed":true},"url":{"type":"string","description_kind":"plain","computed":true},"video_layout":{"type":"string","description_kind":"plain","computed":true}},"block_types":{"timeouts":{"nesting_mode":"single","block":{"attributes":{"read":{"type":"string","description_kind":"plain","optional":true}},"description_kind":"plain"}}},"description_kind":"plain"}},"twilio_voice_queue":{"version":0,"block":{"attributes":{"account_sid":{"type":"string","description_kind":"plain","required":true},"average_wait_time":{"type":"number","description_kind":"plain","computed":true},"current_size":{"type":"number","description_kind":"plain","computed":true},"date_created":{"type":"string","description_kind":"plain","computed":true},"date_updated":{"type":"string","description_kind":"plain","computed":true},"friendly_name":{"type":"string","description_kind":"plain","computed":true},"id":{"type":"string","description_kind":"plain","optional":true,"computed":true},"max_size":{"type":"number","description_kind":"plain","computed":true},"sid":{"type":"string","description_kind":"plain","required":true}},"block_types":{"timeouts":{"nesting_mode":"single","block":{"attributes":{"read":{"type":"string","description_kind":"plain","optional":true}},"description_kind":"plain"}}},"description_kind":"plain"}},"twilio_voice_queues":{"version":0,"block":{"attributes":{"account_sid":{"type":"string","description_kind":"plain","required":true},"id":{"type":"string","description_kind":"plain","optional":true,"computed":true},"queues":{"type":["list",["object",{"average_wait_time":"number","current_size":"number","date_created":"string","date_updated":"string","friendly_name":"string","max_size":"number","sid":"string"}]],"description_kind":"plain","computed":true}},"block_types":{"timeouts":{"nesting_mode":"single","block":{"attributes":{"read":{"type":"string","description_kind":"plain","optional":true}},"description_kind":"plain"}}},"description_kind":"plain"}}}}}}
