{"format_version":"0.2","provider_schemas":{"registry.terraform.io/rltvty/influxdb2":{"provider":{"version":0,"block":{"attributes":{"host":{"type":"string","description":"The host url where influxDB2 lives. Can also be set using the `INFLUX_HOST` environment variable.","description_kind":"markdown","required":true},"token":{"type":"string","description":"An auth token that has the nesecary permissions to read-from and/or write-to InfluxDB2. Ideally this should be set using the `INFLUX_TOKEN` environment variable, so that the secret is not saved to source control.","description_kind":"markdown","required":true,"sensitive":true}},"description_kind":"plain"}},"resource_schemas":{"influxdb2_organization":{"version":0,"block":{"attributes":{"created_at":{"type":"string","description":"The string time that the Organization was created.","description_kind":"markdown","computed":true},"created_timestamp":{"type":"number","description":"The timestamp that the Organization was created.","description_kind":"markdown","computed":true},"description":{"type":"string","description":"The description of the Organization.","description_kind":"markdown","optional":true},"id":{"type":"string","description":"ID of the Organization.","description_kind":"markdown","computed":true},"name":{"type":"string","description":"Name of the Organization.","description_kind":"markdown","required":true},"updated_at":{"type":"string","description":"The string time that the Organization was last updated.","description_kind":"markdown","computed":true},"updated_timestamp":{"type":"number","description":"The timestamp that the Organization was last updated.","description_kind":"markdown","computed":true}},"description":"The Organization resource allows you to configure a InfluxDB2 Organization.","description_kind":"markdown"}}},"data_source_schemas":{"influxdb2_organization":{"version":0,"block":{"attributes":{"created_at":{"type":"string","description":"The string time that the Organization was created.","description_kind":"markdown","computed":true},"created_timestamp":{"type":"number","description":"The timestamp that the Organization was created.","description_kind":"markdown","computed":true},"description":{"type":"string","description":"The description of the Organization.","description_kind":"markdown","computed":true},"id":{"type":"string","description":"ID of the Organization.","description_kind":"markdown","optional":true,"computed":true},"name":{"type":"string","description":"Name of the Organization.","description_kind":"markdown","optional":true,"computed":true},"updated_at":{"type":"string","description":"The string time that the Organization was last updated.","description_kind":"markdown","computed":true},"updated_timestamp":{"type":"number","description":"The timestamp that the Organization was last updated.","description_kind":"markdown","computed":true}},"description":"Lookup an Organization in InfluxDB2.","description_kind":"markdown"}}}}}}
