{"format_version":"0.2","provider_schemas":{"registry.terraform.io/robgmills/namecheap":{"provider":{"version":0,"block":{"attributes":{"api_user":{"type":"string","description":"A registered apiuser for namecheap","description_kind":"plain","required":true},"ip":{"type":"string","description":"IP addess of the machine running terraform","description_kind":"plain","required":true},"token":{"type":"string","description":"The token key for API operations.","description_kind":"plain","required":true},"use_sandbox":{"type":"bool","description":"If true, use the namecheap sandbox","description_kind":"plain","optional":true},"username":{"type":"string","description":"A registered username for namecheap","description_kind":"plain","required":true}},"description_kind":"plain"}},"resource_schemas":{"namecheap_ns":{"version":0,"block":{"attributes":{"domain":{"type":"string","description_kind":"plain","required":true},"id":{"type":"string","description_kind":"plain","optional":true,"computed":true},"servers":{"type":["list","string"],"description_kind":"plain","required":true}},"description_kind":"plain"}},"namecheap_record":{"version":0,"block":{"attributes":{"address":{"type":"string","description_kind":"plain","required":true},"domain":{"type":"string","description_kind":"plain","required":true},"hostname":{"type":"string","description_kind":"plain","computed":true},"id":{"type":"string","description_kind":"plain","optional":true,"computed":true},"mx_pref":{"type":"number","description_kind":"plain","optional":true},"name":{"type":"string","description_kind":"plain","required":true},"ttl":{"type":"number","description_kind":"plain","optional":true},"type":{"type":"string","description_kind":"plain","required":true}},"block_types":{"timeouts":{"nesting_mode":"single","block":{"attributes":{"create":{"type":"string","description_kind":"plain","optional":true},"delete":{"type":"string","description_kind":"plain","optional":true},"read":{"type":"string","description_kind":"plain","optional":true},"update":{"type":"string","description_kind":"plain","optional":true}},"description_kind":"plain"}}},"description_kind":"plain"}}}}}}
