{"format_version":"0.2","provider_schemas":{"registry.terraform.io/rockset/rockset":{"provider":{"version":0,"block":{"attributes":{"api_key":{"type":"string","description":"The API key used to access Rockset","description_kind":"plain","optional":true,"sensitive":true},"api_server":{"type":"string","description":"The API server for accessing Rockset","description_kind":"plain","optional":true}},"description_kind":"plain"}},"resource_schemas":{"rockset_alias":{"version":0,"block":{"attributes":{"collections":{"type":["list","string"],"description":"List of collections for this alias to refer to.","description_kind":"plain","required":true},"description":{"type":"string","description":"Text describing the alias.","description_kind":"plain","optional":true},"id":{"type":"string","description_kind":"plain","optional":true,"computed":true},"name":{"type":"string","description":"Unique identifier for the alias. Can contain alphanumeric or dash characters.","description_kind":"plain","required":true},"workspace":{"type":"string","description":"Name of the workspace the alias will be in.","description_kind":"plain","required":true}},"description":"Manages an alias for a set of collections.","description_kind":"plain"}},"rockset_api_key":{"version":0,"block":{"attributes":{"id":{"type":"string","description_kind":"plain","optional":true,"computed":true},"key":{"type":"string","description":"The resulting Rockset api key.","description_kind":"plain","computed":true,"sensitive":true},"name":{"type":"string","description":"Name of the api key.","description_kind":"plain","required":true},"user":{"type":"string","description":"The user the key is created for.","description_kind":"plain","computed":true}},"description":"Manage a Rockset Api Key.","description_kind":"plain"}},"rockset_collection":{"version":0,"block":{"attributes":{"description":{"type":"string","description":"Text describing the collection.","description_kind":"plain","optional":true},"id":{"type":"string","description_kind":"plain","optional":true,"computed":true},"name":{"type":"string","description":"Unique identifier for the collection. Can contain alphanumeric or dash characters.","description_kind":"plain","required":true},"retention_secs":{"type":"number","description":"Number of seconds after which data is purged. Based on event time.","description_kind":"plain","optional":true},"workspace":{"type":"string","description":"The name of the workspace.","description_kind":"plain","required":true}},"block_types":{"clustering_key":{"nesting_mode":"list","block":{"attributes":{"field_name":{"type":"string","description":"The name of a field. Parsed as a SQL qualified name.","description_kind":"plain","required":true},"keys":{"type":["list","string"],"description":"The values for partitioning of a field.","description_kind":"plain","optional":true},"type":{"type":"string","description":"The type of partitions on a field.","description_kind":"plain","optional":true}},"description":"List of clustering fields.","description_kind":"plain"}},"field_mapping":{"nesting_mode":"list","block":{"attributes":{"name":{"type":"string","description":"Name of the field mapping.","description_kind":"plain","required":true}},"block_types":{"input_fields":{"nesting_mode":"list","block":{"attributes":{"field_name":{"type":"string","description":"Name of the field in your input data to apply this field mapping to.","description_kind":"plain","required":true},"if_missing":{"type":"string","description":"Specifies the behavior for when the field evaluates to either NULL or UNDEFINED. It accepts two valid strings as input: SKIP, which skips the update for this document entirely, or PASS, which will simply set this field to NULL.","description_kind":"plain","required":true},"is_drop":{"type":"bool","description":"Specifies whether or not to drop this field completely from the document as it is being inserted.","description_kind":"plain","required":true},"param":{"type":"string","description":"Name alias for this field which can be referred to in a SQL expression in the output_field attribute.","description_kind":"plain","required":true}},"description":"List of input fields.","description_kind":"plain"}},"output_field":{"nesting_mode":"set","block":{"attributes":{"field_name":{"type":"string","description":"Name of the new field created by your SQL expression.","description_kind":"plain","required":true},"on_error":{"type":"string","description":"Specifies the behavior for when there is an error while evaluating the SQL expression defined in the sql parameter. It accepts two valid strings as input: SKIP, which skips only this output field but continues the update, or FAIL, which causes this update to fail entirely.","description_kind":"plain","required":true},"sql":{"type":"string","description":"A string SQL expression used to define the new field being created. It may optionally take another field name as a parameter, or a param name alias specified in an input_fields field mapping.","description_kind":"plain","required":true}},"description":"List of output fields.","description_kind":"plain"},"min_items":1,"max_items":1}},"description":"List of field mappings.","description_kind":"plain"}},"field_schemas":{"nesting_mode":"list","block":{"attributes":{"column_index_mode":{"type":"string","description":"Whether to have store or no_store.","description_kind":"plain","required":true},"field_name":{"type":"string","description":"The name of a field. Parsed as a SQL qualified name.","description_kind":"plain","required":true},"index_mode":{"type":"string","description":"Whether to have index or no_index.","description_kind":"plain","required":true},"range_index_mode":{"type":"string","description":"Whether to have v1_index or no_index.","description_kind":"plain","required":true},"type_index_mode":{"type":"string","description":"Whether to have index or no_index.","description_kind":"plain","required":true}},"description":"List of field schemas.","description_kind":"plain"}},"inverted_index_group_encoding_options":{"nesting_mode":"set","block":{"attributes":{"doc_id_codec":{"type":"string","description":"Doc id codec.","description_kind":"plain","required":true},"event_time_codec":{"type":"string","description":"Event time codec.","description_kind":"plain","required":true},"group_size":{"type":"number","description":"Group size.","description_kind":"plain","required":true},"restart_length":{"type":"number","description":"Restart length.","description_kind":"plain","required":true}},"description":"Inverted index group encoding options.","description_kind":"plain"},"max_items":1}},"description":"Manages a basic collection with no sources. Usually used for the write api.","description_kind":"plain"}},"rockset_dynamodb_collection":{"version":0,"block":{"attributes":{"description":{"type":"string","description":"Text describing the collection.","description_kind":"plain","optional":true},"id":{"type":"string","description_kind":"plain","optional":true,"computed":true},"name":{"type":"string","description":"Unique identifier for the collection. Can contain alphanumeric or dash characters.","description_kind":"plain","required":true},"retention_secs":{"type":"number","description":"Number of seconds after which data is purged. Based on event time.","description_kind":"plain","optional":true},"workspace":{"type":"string","description":"The name of the workspace.","description_kind":"plain","required":true}},"block_types":{"clustering_key":{"nesting_mode":"list","block":{"attributes":{"field_name":{"type":"string","description":"The name of a field. Parsed as a SQL qualified name.","description_kind":"plain","required":true},"keys":{"type":["list","string"],"description":"The values for partitioning of a field.","description_kind":"plain","optional":true},"type":{"type":"string","description":"The type of partitions on a field.","description_kind":"plain","optional":true}},"description":"List of clustering fields.","description_kind":"plain"}},"field_mapping":{"nesting_mode":"list","block":{"attributes":{"name":{"type":"string","description":"Name of the field mapping.","description_kind":"plain","required":true}},"block_types":{"input_fields":{"nesting_mode":"list","block":{"attributes":{"field_name":{"type":"string","description":"Name of the field in your input data to apply this field mapping to.","description_kind":"plain","required":true},"if_missing":{"type":"string","description":"Specifies the behavior for when the field evaluates to either NULL or UNDEFINED. It accepts two valid strings as input: SKIP, which skips the update for this document entirely, or PASS, which will simply set this field to NULL.","description_kind":"plain","required":true},"is_drop":{"type":"bool","description":"Specifies whether or not to drop this field completely from the document as it is being inserted.","description_kind":"plain","required":true},"param":{"type":"string","description":"Name alias for this field which can be referred to in a SQL expression in the output_field attribute.","description_kind":"plain","required":true}},"description":"List of input fields.","description_kind":"plain"}},"output_field":{"nesting_mode":"set","block":{"attributes":{"field_name":{"type":"string","description":"Name of the new field created by your SQL expression.","description_kind":"plain","required":true},"on_error":{"type":"string","description":"Specifies the behavior for when there is an error while evaluating the SQL expression defined in the sql parameter. It accepts two valid strings as input: SKIP, which skips only this output field but continues the update, or FAIL, which causes this update to fail entirely.","description_kind":"plain","required":true},"sql":{"type":"string","description":"A string SQL expression used to define the new field being created. It may optionally take another field name as a parameter, or a param name alias specified in an input_fields field mapping.","description_kind":"plain","required":true}},"description":"List of output fields.","description_kind":"plain"},"min_items":1,"max_items":1}},"description":"List of field mappings.","description_kind":"plain"}},"field_schemas":{"nesting_mode":"list","block":{"attributes":{"column_index_mode":{"type":"string","description":"Whether to have store or no_store.","description_kind":"plain","required":true},"field_name":{"type":"string","description":"The name of a field. Parsed as a SQL qualified name.","description_kind":"plain","required":true},"index_mode":{"type":"string","description":"Whether to have index or no_index.","description_kind":"plain","required":true},"range_index_mode":{"type":"string","description":"Whether to have v1_index or no_index.","description_kind":"plain","required":true},"type_index_mode":{"type":"string","description":"Whether to have index or no_index.","description_kind":"plain","required":true}},"description":"List of field schemas.","description_kind":"plain"}},"inverted_index_group_encoding_options":{"nesting_mode":"set","block":{"attributes":{"doc_id_codec":{"type":"string","description":"Doc id codec.","description_kind":"plain","required":true},"event_time_codec":{"type":"string","description":"Event time codec.","description_kind":"plain","required":true},"group_size":{"type":"number","description":"Group size.","description_kind":"plain","required":true},"restart_length":{"type":"number","description":"Restart length.","description_kind":"plain","required":true}},"description":"Inverted index group encoding options.","description_kind":"plain"},"max_items":1},"source":{"nesting_mode":"set","block":{"attributes":{"aws_region":{"type":"string","description":"AWS region name of DynamoDB table, by default us-west-2 is used.","description_kind":"plain","optional":true},"integration_name":{"type":"string","description":"The name of the Rockset DynamoDB integration.","description_kind":"plain","required":true},"rcu":{"type":"number","description":"Max RCU usage for scan.","description_kind":"plain","optional":true},"scan_end_time":{"type":"string","description":"DynamoDB scan end time.","description_kind":"plain","computed":true},"scan_records_processed":{"type":"number","description":"Number of records inserted using scan.","description_kind":"plain","computed":true},"scan_start_time":{"type":"string","description":"DynamoDB scan start time.","description_kind":"plain","computed":true},"scan_total_records":{"type":"number","description":"Number of records in DynamoDB table at time of scan.","description_kind":"plain","computed":true},"state":{"type":"string","description":"State of current ingest for this table.","description_kind":"plain","computed":true},"stream_last_processed_at":{"type":"string","description":"ISO-8601 date when source was last processed.","description_kind":"plain","computed":true},"table_name":{"type":"string","description":"Name of DynamoDB table containing data.","description_kind":"plain","required":true}},"description":"Defines a source for this collection.","description_kind":"plain"}}},"description":"Manages a collection with an DynamoDB source attached.","description_kind":"plain"}},"rockset_dynamodb_integration":{"version":0,"block":{"attributes":{"aws_role_arn":{"type":"string","description":"The AWS Role Arn to use for this integration.","description_kind":"plain","required":true},"description":{"type":"string","description":"Text describing the integration.","description_kind":"plain","optional":true},"id":{"type":"string","description_kind":"plain","optional":true,"computed":true},"name":{"type":"string","description":"Unique identifier for the integration. Can contain alphanumeric or dash characters.","description_kind":"plain","required":true}},"description":"Manages a Rockset DynamoDB Integration.","description_kind":"plain"}},"rockset_gcs_collection":{"version":0,"block":{"attributes":{"description":{"type":"string","description":"Text describing the collection.","description_kind":"plain","optional":true},"id":{"type":"string","description_kind":"plain","optional":true,"computed":true},"name":{"type":"string","description":"Unique identifier for the collection. Can contain alphanumeric or dash characters.","description_kind":"plain","required":true},"retention_secs":{"type":"number","description":"Number of seconds after which data is purged. Based on event time.","description_kind":"plain","optional":true},"workspace":{"type":"string","description":"The name of the workspace.","description_kind":"plain","required":true}},"block_types":{"clustering_key":{"nesting_mode":"list","block":{"attributes":{"field_name":{"type":"string","description":"The name of a field. Parsed as a SQL qualified name.","description_kind":"plain","required":true},"keys":{"type":["list","string"],"description":"The values for partitioning of a field.","description_kind":"plain","optional":true},"type":{"type":"string","description":"The type of partitions on a field.","description_kind":"plain","optional":true}},"description":"List of clustering fields.","description_kind":"plain"}},"field_mapping":{"nesting_mode":"list","block":{"attributes":{"name":{"type":"string","description":"Name of the field mapping.","description_kind":"plain","required":true}},"block_types":{"input_fields":{"nesting_mode":"list","block":{"attributes":{"field_name":{"type":"string","description":"Name of the field in your input data to apply this field mapping to.","description_kind":"plain","required":true},"if_missing":{"type":"string","description":"Specifies the behavior for when the field evaluates to either NULL or UNDEFINED. It accepts two valid strings as input: SKIP, which skips the update for this document entirely, or PASS, which will simply set this field to NULL.","description_kind":"plain","required":true},"is_drop":{"type":"bool","description":"Specifies whether or not to drop this field completely from the document as it is being inserted.","description_kind":"plain","required":true},"param":{"type":"string","description":"Name alias for this field which can be referred to in a SQL expression in the output_field attribute.","description_kind":"plain","required":true}},"description":"List of input fields.","description_kind":"plain"}},"output_field":{"nesting_mode":"set","block":{"attributes":{"field_name":{"type":"string","description":"Name of the new field created by your SQL expression.","description_kind":"plain","required":true},"on_error":{"type":"string","description":"Specifies the behavior for when there is an error while evaluating the SQL expression defined in the sql parameter. It accepts two valid strings as input: SKIP, which skips only this output field but continues the update, or FAIL, which causes this update to fail entirely.","description_kind":"plain","required":true},"sql":{"type":"string","description":"A string SQL expression used to define the new field being created. It may optionally take another field name as a parameter, or a param name alias specified in an input_fields field mapping.","description_kind":"plain","required":true}},"description":"List of output fields.","description_kind":"plain"},"min_items":1,"max_items":1}},"description":"List of field mappings.","description_kind":"plain"}},"field_schemas":{"nesting_mode":"list","block":{"attributes":{"column_index_mode":{"type":"string","description":"Whether to have store or no_store.","description_kind":"plain","required":true},"field_name":{"type":"string","description":"The name of a field. Parsed as a SQL qualified name.","description_kind":"plain","required":true},"index_mode":{"type":"string","description":"Whether to have index or no_index.","description_kind":"plain","required":true},"range_index_mode":{"type":"string","description":"Whether to have v1_index or no_index.","description_kind":"plain","required":true},"type_index_mode":{"type":"string","description":"Whether to have index or no_index.","description_kind":"plain","required":true}},"description":"List of field schemas.","description_kind":"plain"}},"inverted_index_group_encoding_options":{"nesting_mode":"set","block":{"attributes":{"doc_id_codec":{"type":"string","description":"Doc id codec.","description_kind":"plain","required":true},"event_time_codec":{"type":"string","description":"Event time codec.","description_kind":"plain","required":true},"group_size":{"type":"number","description":"Group size.","description_kind":"plain","required":true},"restart_length":{"type":"number","description":"Restart length.","description_kind":"plain","required":true}},"description":"Inverted index group encoding options.","description_kind":"plain"},"max_items":1},"source":{"nesting_mode":"set","block":{"attributes":{"bucket":{"type":"string","description":"GCS bucket containing the target data.","description_kind":"plain","required":true},"format":{"type":"string","description":"Format of the data. One of: json, csv, xml. xml and csv blocks can only be set for their respective formats. ","description_kind":"plain","required":true},"integration_name":{"type":"string","description":"The name of the Rockset GCS integration.","description_kind":"plain","required":true},"prefix":{"type":"string","description":"Simple path prefix to GCS key.","description_kind":"plain","optional":true}},"block_types":{"csv":{"nesting_mode":"set","block":{"attributes":{"column_names":{"type":["list","string"],"description":"The names of the columns.","description_kind":"plain","optional":true},"column_types":{"type":["list","string"],"description":"The types of the columns.","description_kind":"plain","optional":true},"encoding":{"type":"string","description":"Can be one of: UTF-8, ISO_8859_1, UTF-16.","description_kind":"plain","optional":true},"escape_char":{"type":"string","description":"Escape character removes any special meaning from the character that follows it . Defaults to backslash.","description_kind":"plain","optional":true},"first_line_as_column_names":{"type":"bool","description":"If the first line in every object specifies the column names.","description_kind":"plain","optional":true},"quote_char":{"type":"string","description":"Character within which a cell value is enclosed. Defaults to double quote.","description_kind":"plain","optional":true},"separator":{"type":"string","description":"A single character that is the column separator.","description_kind":"plain","optional":true}},"description_kind":"plain"},"max_items":1},"xml":{"nesting_mode":"set","block":{"attributes":{"attribute_prefix":{"type":"string","description":"Tag to differentiate between attributes and elements.","description_kind":"plain","optional":true},"doc_tag":{"type":"string","description":"Tags with which documents are identified","description_kind":"plain","optional":true},"encoding":{"type":"string","description":"Encoding in which data source is encoded.","description_kind":"plain","optional":true},"root_tag":{"type":"string","description":"Tag until which xml is ignored.","description_kind":"plain","optional":true},"value_tag":{"type":"string","description":"Tag used for the value when there are attributes in the element having no child.","description_kind":"plain","optional":true}},"description_kind":"plain"},"max_items":1}},"description":"Defines a source for this collection.","description_kind":"plain"}}},"description":"Manages a collection with an GCS source attached.","description_kind":"plain"}},"rockset_gcs_integration":{"version":0,"block":{"attributes":{"description":{"type":"string","description":"Text describing the integration.","description_kind":"plain","optional":true},"id":{"type":"string","description_kind":"plain","optional":true,"computed":true},"name":{"type":"string","description":"Unique identifier for the integration. Can contain alphanumeric or dash characters.","description_kind":"plain","required":true},"service_account_key":{"type":"string","description":"The GCP service account key JSON.","description_kind":"plain","required":true}},"description":"Manages a Rockset GCS Integration.","description_kind":"plain"}},"rockset_kinesis_collection":{"version":0,"block":{"attributes":{"description":{"type":"string","description":"Text describing the collection.","description_kind":"plain","optional":true},"id":{"type":"string","description_kind":"plain","optional":true,"computed":true},"name":{"type":"string","description":"Unique identifier for the collection. Can contain alphanumeric or dash characters.","description_kind":"plain","required":true},"retention_secs":{"type":"number","description":"Number of seconds after which data is purged. Based on event time.","description_kind":"plain","optional":true},"workspace":{"type":"string","description":"The name of the workspace.","description_kind":"plain","required":true}},"block_types":{"clustering_key":{"nesting_mode":"list","block":{"attributes":{"field_name":{"type":"string","description":"The name of a field. Parsed as a SQL qualified name.","description_kind":"plain","required":true},"keys":{"type":["list","string"],"description":"The values for partitioning of a field.","description_kind":"plain","optional":true},"type":{"type":"string","description":"The type of partitions on a field.","description_kind":"plain","optional":true}},"description":"List of clustering fields.","description_kind":"plain"}},"field_mapping":{"nesting_mode":"list","block":{"attributes":{"name":{"type":"string","description":"Name of the field mapping.","description_kind":"plain","required":true}},"block_types":{"input_fields":{"nesting_mode":"list","block":{"attributes":{"field_name":{"type":"string","description":"Name of the field in your input data to apply this field mapping to.","description_kind":"plain","required":true},"if_missing":{"type":"string","description":"Specifies the behavior for when the field evaluates to either NULL or UNDEFINED. It accepts two valid strings as input: SKIP, which skips the update for this document entirely, or PASS, which will simply set this field to NULL.","description_kind":"plain","required":true},"is_drop":{"type":"bool","description":"Specifies whether or not to drop this field completely from the document as it is being inserted.","description_kind":"plain","required":true},"param":{"type":"string","description":"Name alias for this field which can be referred to in a SQL expression in the output_field attribute.","description_kind":"plain","required":true}},"description":"List of input fields.","description_kind":"plain"}},"output_field":{"nesting_mode":"set","block":{"attributes":{"field_name":{"type":"string","description":"Name of the new field created by your SQL expression.","description_kind":"plain","required":true},"on_error":{"type":"string","description":"Specifies the behavior for when there is an error while evaluating the SQL expression defined in the sql parameter. It accepts two valid strings as input: SKIP, which skips only this output field but continues the update, or FAIL, which causes this update to fail entirely.","description_kind":"plain","required":true},"sql":{"type":"string","description":"A string SQL expression used to define the new field being created. It may optionally take another field name as a parameter, or a param name alias specified in an input_fields field mapping.","description_kind":"plain","required":true}},"description":"List of output fields.","description_kind":"plain"},"min_items":1,"max_items":1}},"description":"List of field mappings.","description_kind":"plain"}},"field_schemas":{"nesting_mode":"list","block":{"attributes":{"column_index_mode":{"type":"string","description":"Whether to have store or no_store.","description_kind":"plain","required":true},"field_name":{"type":"string","description":"The name of a field. Parsed as a SQL qualified name.","description_kind":"plain","required":true},"index_mode":{"type":"string","description":"Whether to have index or no_index.","description_kind":"plain","required":true},"range_index_mode":{"type":"string","description":"Whether to have v1_index or no_index.","description_kind":"plain","required":true},"type_index_mode":{"type":"string","description":"Whether to have index or no_index.","description_kind":"plain","required":true}},"description":"List of field schemas.","description_kind":"plain"}},"inverted_index_group_encoding_options":{"nesting_mode":"set","block":{"attributes":{"doc_id_codec":{"type":"string","description":"Doc id codec.","description_kind":"plain","required":true},"event_time_codec":{"type":"string","description":"Event time codec.","description_kind":"plain","required":true},"group_size":{"type":"number","description":"Group size.","description_kind":"plain","required":true},"restart_length":{"type":"number","description":"Restart length.","description_kind":"plain","required":true}},"description":"Inverted index group encoding options.","description_kind":"plain"},"max_items":1},"source":{"nesting_mode":"set","block":{"attributes":{"aws_region":{"type":"string","description":"AWS region name for the Kinesis stream, by default us-west-2 is used","description_kind":"plain","optional":true},"dms_primary_key":{"type":["list","string"],"description":"Set of fields that correspond to a DMS primary key. Can only be set if format is mysql or postgres.","description_kind":"plain","optional":true},"format":{"type":"string","description":"Format of the data. One of: json, mysql, postgres. dms_primary_keys list can only be set for mysql or postgres. ","description_kind":"plain","required":true},"integration_name":{"type":"string","description":"The name of the Rockset Kinesis integration.","description_kind":"plain","required":true},"stream_name":{"type":"string","description":"Name of Kinesis stream.","description_kind":"plain","required":true}},"description":"Defines a source for this collection.","description_kind":"plain"}}},"description":"Manages a collection with an Kinesis source attached.","description_kind":"plain"}},"rockset_kinesis_integration":{"version":0,"block":{"attributes":{"aws_role_arn":{"type":"string","description":"The AWS Role Arn to use for this integration.","description_kind":"plain","required":true},"description":{"type":"string","description":"Text describing the integration.","description_kind":"plain","optional":true},"id":{"type":"string","description_kind":"plain","optional":true,"computed":true},"name":{"type":"string","description":"Unique identifier for the integration. Can contain alphanumeric or dash characters.","description_kind":"plain","required":true}},"description":"Manages a Rockset Kinesis Integration.","description_kind":"plain"}},"rockset_mongodb_collection":{"version":0,"block":{"attributes":{"description":{"type":"string","description":"Text describing the collection.","description_kind":"plain","optional":true},"id":{"type":"string","description_kind":"plain","optional":true,"computed":true},"name":{"type":"string","description":"Unique identifier for the collection. Can contain alphanumeric or dash characters.","description_kind":"plain","required":true},"retention_secs":{"type":"number","description":"Number of seconds after which data is purged. Based on event time.","description_kind":"plain","optional":true},"workspace":{"type":"string","description":"The name of the workspace.","description_kind":"plain","required":true}},"block_types":{"clustering_key":{"nesting_mode":"list","block":{"attributes":{"field_name":{"type":"string","description":"The name of a field. Parsed as a SQL qualified name.","description_kind":"plain","required":true},"keys":{"type":["list","string"],"description":"The values for partitioning of a field.","description_kind":"plain","optional":true},"type":{"type":"string","description":"The type of partitions on a field.","description_kind":"plain","optional":true}},"description":"List of clustering fields.","description_kind":"plain"}},"field_mapping":{"nesting_mode":"list","block":{"attributes":{"name":{"type":"string","description":"Name of the field mapping.","description_kind":"plain","required":true}},"block_types":{"input_fields":{"nesting_mode":"list","block":{"attributes":{"field_name":{"type":"string","description":"Name of the field in your input data to apply this field mapping to.","description_kind":"plain","required":true},"if_missing":{"type":"string","description":"Specifies the behavior for when the field evaluates to either NULL or UNDEFINED. It accepts two valid strings as input: SKIP, which skips the update for this document entirely, or PASS, which will simply set this field to NULL.","description_kind":"plain","required":true},"is_drop":{"type":"bool","description":"Specifies whether or not to drop this field completely from the document as it is being inserted.","description_kind":"plain","required":true},"param":{"type":"string","description":"Name alias for this field which can be referred to in a SQL expression in the output_field attribute.","description_kind":"plain","required":true}},"description":"List of input fields.","description_kind":"plain"}},"output_field":{"nesting_mode":"set","block":{"attributes":{"field_name":{"type":"string","description":"Name of the new field created by your SQL expression.","description_kind":"plain","required":true},"on_error":{"type":"string","description":"Specifies the behavior for when there is an error while evaluating the SQL expression defined in the sql parameter. It accepts two valid strings as input: SKIP, which skips only this output field but continues the update, or FAIL, which causes this update to fail entirely.","description_kind":"plain","required":true},"sql":{"type":"string","description":"A string SQL expression used to define the new field being created. It may optionally take another field name as a parameter, or a param name alias specified in an input_fields field mapping.","description_kind":"plain","required":true}},"description":"List of output fields.","description_kind":"plain"},"min_items":1,"max_items":1}},"description":"List of field mappings.","description_kind":"plain"}},"field_schemas":{"nesting_mode":"list","block":{"attributes":{"column_index_mode":{"type":"string","description":"Whether to have store or no_store.","description_kind":"plain","required":true},"field_name":{"type":"string","description":"The name of a field. Parsed as a SQL qualified name.","description_kind":"plain","required":true},"index_mode":{"type":"string","description":"Whether to have index or no_index.","description_kind":"plain","required":true},"range_index_mode":{"type":"string","description":"Whether to have v1_index or no_index.","description_kind":"plain","required":true},"type_index_mode":{"type":"string","description":"Whether to have index or no_index.","description_kind":"plain","required":true}},"description":"List of field schemas.","description_kind":"plain"}},"inverted_index_group_encoding_options":{"nesting_mode":"set","block":{"attributes":{"doc_id_codec":{"type":"string","description":"Doc id codec.","description_kind":"plain","required":true},"event_time_codec":{"type":"string","description":"Event time codec.","description_kind":"plain","required":true},"group_size":{"type":"number","description":"Group size.","description_kind":"plain","required":true},"restart_length":{"type":"number","description":"Restart length.","description_kind":"plain","required":true}},"description":"Inverted index group encoding options.","description_kind":"plain"},"max_items":1},"source":{"nesting_mode":"set","block":{"attributes":{"collection_name":{"type":"string","description":"MongoDB collection name of the target collection.","description_kind":"plain","required":true},"database_name":{"type":"string","description":"MongoDB database name containing the target collection.","description_kind":"plain","required":true},"integration_name":{"type":"string","description":"The name of the Rockset MongoDB integration.","description_kind":"plain","required":true},"scan_end_time":{"type":"string","description":"MongoDB scan end time.","description_kind":"plain","computed":true},"scan_records_processed":{"type":"number","description":"Number of records inserted using scan.","description_kind":"plain","computed":true},"scan_start_time":{"type":"string","description":"MongoDB scan start time.","description_kind":"plain","computed":true},"scan_total_records":{"type":"number","description":"Number of records in MongoDB table at time of scan.","description_kind":"plain","computed":true},"state":{"type":"string","description":"State of current ingest for this table.","description_kind":"plain","computed":true},"stream_last_delete_processed_at":{"type":"string","description":"ISO-8601 date when delete from source was last processed.","description_kind":"plain","computed":true},"stream_last_insert_processed_at":{"type":"string","description":"ISO-8601 date when new insert from source was last processed.","description_kind":"plain","computed":true},"stream_last_update_processed_at":{"type":"string","description":"ISO-8601 date when update from source was last processed.","description_kind":"plain","computed":true},"stream_records_deleted":{"type":"number","description":"Number of new records deleted using stream.","description_kind":"plain","computed":true},"stream_records_inserted":{"type":"number","description":"Number of new records inserted using stream.","description_kind":"plain","computed":true},"stream_records_updated":{"type":"number","description":"Number of new records updated using stream.","description_kind":"plain","computed":true}},"description":"Defines a source for this collection.","description_kind":"plain"}}},"description":"Manages a collection with an MongoDB source attached.","description_kind":"plain"}},"rockset_mongodb_integration":{"version":0,"block":{"attributes":{"connection_uri":{"type":"string","description":"MongoDB connection URI string. The password is scrubbed from the URI when fetched by the API so this field is NOT set on imports and reads.","description_kind":"plain","required":true,"sensitive":true},"description":{"type":"string","description":"Text describing the integration.","description_kind":"plain","optional":true},"id":{"type":"string","description_kind":"plain","optional":true,"computed":true},"name":{"type":"string","description":"Unique identifier for the integration. Can contain alphanumeric or dash characters.","description_kind":"plain","required":true}},"description":"Manages a Rockset MongoDB Integration.","description_kind":"plain"}},"rockset_query_lambda":{"version":0,"block":{"attributes":{"description":{"type":"string","description":"Text describing the query lambda.","description_kind":"plain","optional":true},"id":{"type":"string","description_kind":"plain","optional":true,"computed":true},"name":{"type":"string","description":"Unique identifier for the query lambda. Can contain alphanumeric or dash characters.","description_kind":"plain","required":true},"state":{"type":"string","description":"The latest state of this query lambda.","description_kind":"plain","computed":true},"version":{"type":"string","description":"The latest version string of this query lambda.","description_kind":"plain","computed":true},"workspace":{"type":"string","description":"The name of the workspace.","description_kind":"plain","required":true}},"block_types":{"sql":{"nesting_mode":"set","block":{"attributes":{"query":{"type":"string","description_kind":"plain","required":true}},"block_types":{"default_parameter":{"nesting_mode":"set","block":{"attributes":{"name":{"type":"string","description_kind":"plain","required":true},"type":{"type":"string","description_kind":"plain","required":true},"value":{"type":"string","description_kind":"plain","required":true}},"description_kind":"plain"}}},"description_kind":"plain"},"min_items":1}},"description":"Manages a Rockset Query Lambda.","description_kind":"plain"}},"rockset_query_lambda_tag":{"version":0,"block":{"attributes":{"id":{"type":"string","description_kind":"plain","optional":true,"computed":true},"name":{"type":"string","description":"Unique identifier for the tag. Can contain alphanumeric or dash characters.","description_kind":"plain","required":true},"query_lambda":{"type":"string","description":"Unique identifier for the query lambda. Can contain alphanumeric or dash characters.","description_kind":"plain","required":true},"version":{"type":"string","description":"Version of the query lambda this tag should point to.","description_kind":"plain","required":true},"workspace":{"type":"string","description":"The name of the workspace the query lambda is in.","description_kind":"plain","required":true}},"description":"Manages a Rockset Query Lambda Tag.","description_kind":"plain"}},"rockset_s3_collection":{"version":0,"block":{"attributes":{"description":{"type":"string","description":"Text describing the collection.","description_kind":"plain","optional":true},"id":{"type":"string","description_kind":"plain","optional":true,"computed":true},"name":{"type":"string","description":"Unique identifier for the collection. Can contain alphanumeric or dash characters.","description_kind":"plain","required":true},"retention_secs":{"type":"number","description":"Number of seconds after which data is purged. Based on event time.","description_kind":"plain","optional":true},"workspace":{"type":"string","description":"The name of the workspace.","description_kind":"plain","required":true}},"block_types":{"clustering_key":{"nesting_mode":"list","block":{"attributes":{"field_name":{"type":"string","description":"The name of a field. Parsed as a SQL qualified name.","description_kind":"plain","required":true},"keys":{"type":["list","string"],"description":"The values for partitioning of a field.","description_kind":"plain","optional":true},"type":{"type":"string","description":"The type of partitions on a field.","description_kind":"plain","optional":true}},"description":"List of clustering fields.","description_kind":"plain"}},"field_mapping":{"nesting_mode":"list","block":{"attributes":{"name":{"type":"string","description":"Name of the field mapping.","description_kind":"plain","required":true}},"block_types":{"input_fields":{"nesting_mode":"list","block":{"attributes":{"field_name":{"type":"string","description":"Name of the field in your input data to apply this field mapping to.","description_kind":"plain","required":true},"if_missing":{"type":"string","description":"Specifies the behavior for when the field evaluates to either NULL or UNDEFINED. It accepts two valid strings as input: SKIP, which skips the update for this document entirely, or PASS, which will simply set this field to NULL.","description_kind":"plain","required":true},"is_drop":{"type":"bool","description":"Specifies whether or not to drop this field completely from the document as it is being inserted.","description_kind":"plain","required":true},"param":{"type":"string","description":"Name alias for this field which can be referred to in a SQL expression in the output_field attribute.","description_kind":"plain","required":true}},"description":"List of input fields.","description_kind":"plain"}},"output_field":{"nesting_mode":"set","block":{"attributes":{"field_name":{"type":"string","description":"Name of the new field created by your SQL expression.","description_kind":"plain","required":true},"on_error":{"type":"string","description":"Specifies the behavior for when there is an error while evaluating the SQL expression defined in the sql parameter. It accepts two valid strings as input: SKIP, which skips only this output field but continues the update, or FAIL, which causes this update to fail entirely.","description_kind":"plain","required":true},"sql":{"type":"string","description":"A string SQL expression used to define the new field being created. It may optionally take another field name as a parameter, or a param name alias specified in an input_fields field mapping.","description_kind":"plain","required":true}},"description":"List of output fields.","description_kind":"plain"},"min_items":1,"max_items":1}},"description":"List of field mappings.","description_kind":"plain"}},"field_schemas":{"nesting_mode":"list","block":{"attributes":{"column_index_mode":{"type":"string","description":"Whether to have store or no_store.","description_kind":"plain","required":true},"field_name":{"type":"string","description":"The name of a field. Parsed as a SQL qualified name.","description_kind":"plain","required":true},"index_mode":{"type":"string","description":"Whether to have index or no_index.","description_kind":"plain","required":true},"range_index_mode":{"type":"string","description":"Whether to have v1_index or no_index.","description_kind":"plain","required":true},"type_index_mode":{"type":"string","description":"Whether to have index or no_index.","description_kind":"plain","required":true}},"description":"List of field schemas.","description_kind":"plain"}},"inverted_index_group_encoding_options":{"nesting_mode":"set","block":{"attributes":{"doc_id_codec":{"type":"string","description":"Doc id codec.","description_kind":"plain","required":true},"event_time_codec":{"type":"string","description":"Event time codec.","description_kind":"plain","required":true},"group_size":{"type":"number","description":"Group size.","description_kind":"plain","required":true},"restart_length":{"type":"number","description":"Restart length.","description_kind":"plain","required":true}},"description":"Inverted index group encoding options.","description_kind":"plain"},"max_items":1},"source":{"nesting_mode":"set","block":{"attributes":{"bucket":{"type":"string","description":"S3 bucket containing the target data.","description_kind":"plain","required":true},"format":{"type":"string","description":"Format of the data. One of: json, csv, xml. xml and csv blocks can only be set for their respective formats. ","description_kind":"plain","required":true},"integration_name":{"type":"string","description":"The name of the Rockset S3 integration.","description_kind":"plain","required":true},"pattern":{"type":"string","description":"Regex path prefix to s3 key.","description_kind":"plain","optional":true},"prefix":{"type":"string","description":"Simple path prefix to s3 key.","description_kind":"plain","optional":true}},"block_types":{"csv":{"nesting_mode":"set","block":{"attributes":{"column_names":{"type":["list","string"],"description":"The names of the columns.","description_kind":"plain","optional":true},"column_types":{"type":["list","string"],"description":"The types of the columns.","description_kind":"plain","optional":true},"encoding":{"type":"string","description":"Can be one of: UTF-8, ISO_8859_1, UTF-16.","description_kind":"plain","optional":true},"escape_char":{"type":"string","description":"Escape character removes any special meaning from the character that follows it . Defaults to backslash.","description_kind":"plain","optional":true},"first_line_as_column_names":{"type":"bool","description":"If the first line in every object specifies the column names.","description_kind":"plain","optional":true},"quote_char":{"type":"string","description":"Character within which a cell value is enclosed. Defaults to double quote.","description_kind":"plain","optional":true},"separator":{"type":"string","description":"A single character that is the column separator.","description_kind":"plain","optional":true}},"description_kind":"plain"},"max_items":1},"xml":{"nesting_mode":"set","block":{"attributes":{"attribute_prefix":{"type":"string","description":"Tag to differentiate between attributes and elements.","description_kind":"plain","optional":true},"doc_tag":{"type":"string","description":"Tags with which documents are identified","description_kind":"plain","optional":true},"encoding":{"type":"string","description":"Encoding in which data source is encoded.","description_kind":"plain","optional":true},"root_tag":{"type":"string","description":"Tag until which xml is ignored.","description_kind":"plain","optional":true},"value_tag":{"type":"string","description":"Tag used for the value when there are attributes in the element having no child.","description_kind":"plain","optional":true}},"description_kind":"plain"},"max_items":1}},"description":"Defines a source for this collection.","description_kind":"plain"}}},"description":"Manages a collection with an s3 source attached.","description_kind":"plain"}},"rockset_s3_integration":{"version":0,"block":{"attributes":{"aws_role_arn":{"type":"string","description":"The AWS Role Arn to use for this integration.","description_kind":"plain","required":true},"description":{"type":"string","description":"Text describing the integration.","description_kind":"plain","optional":true},"id":{"type":"string","description_kind":"plain","optional":true,"computed":true},"name":{"type":"string","description":"Unique identifier for the integration. Can contain alphanumeric or dash characters.","description_kind":"plain","required":true}},"description":"Manages a Rockset S3 Integration.","description_kind":"plain"}},"rockset_user":{"version":0,"block":{"attributes":{"email":{"type":"string","description":"Email address of the user. Also used to identify the user.","description_kind":"plain","required":true},"id":{"type":"string","description_kind":"plain","optional":true,"computed":true},"roles":{"type":["list","string"],"description":"List of roles for the user. E.g. 'admin', 'member', 'read-only'.","description_kind":"plain","required":true}},"description":"Manages a Rockset User.","description_kind":"plain"}},"rockset_workspace":{"version":0,"block":{"attributes":{"created_by":{"type":"string","description":"The user who created the workspace.","description_kind":"plain","computed":true},"description":{"type":"string","description":"Text describing the collection.","description_kind":"plain","optional":true},"id":{"type":"string","description_kind":"plain","optional":true,"computed":true},"name":{"type":"string","description":"Unique identifier for workspace. Can contain alphanumeric or dash characters.","description_kind":"plain","required":true}},"description":"Manages a Rockset workspace.","description_kind":"plain"}}},"data_source_schemas":{"rockset_account":{"version":0,"block":{"attributes":{"account_id":{"type":"string","description":"The AWS account ID to reference in AWS policies.","description_kind":"plain","computed":true},"external_id":{"type":"string","description":"The external ID to use in AWS trust policies.","description_kind":"plain","computed":true,"sensitive":true},"id":{"type":"string","description_kind":"plain","optional":true,"computed":true}},"description":"Gets information about the Rockset deployment for the specified api server.","description_kind":"plain"}}}}}}
