{"format_version":"0.2","provider_schemas":{"registry.terraform.io/rode/rode":{"provider":{"version":0,"block":{"attributes":{"basic_password":{"type":"string","description":"Corresponding password for basic_username. Can be set with the `RODE_BASIC_PASSWORD` environment variable.","description_kind":"markdown","optional":true,"sensitive":true},"basic_username":{"type":"string","description":"The username configured in the Rode instance for basic auth. Cannot be configured alongside any of the OIDC options. Can be set with the `RODE_BASIC_USERNAME` environment variable.","description_kind":"markdown","optional":true},"disable_transport_security":{"type":"bool","description":"Disables transport security for the gRPC connection to Rode. Can also be set with the `RODE_DISABLE_TRANSPORT_SECURITY` environment variable.","description_kind":"markdown","optional":true},"host":{"type":"string","description":"Host and port of the Rode instance. Can also be specified by setting the `RODE_HOST` environment variable.","description_kind":"markdown","optional":true},"lazy_init":{"type":"bool","description":"Defers instantiation of the Rode client until the first time the provider is used. This can be useful when provider config depends on other resources being applied.","description_kind":"markdown","optional":true},"oidc_client_id":{"type":"string","description":"OIDC/OAuth2 client id that is permitted the client credentials grant. Can be set with the `RODE_OIDC_CLIENT_ID` environment variable.","description_kind":"markdown","optional":true},"oidc_client_secret":{"type":"string","description":"Corresponding client secret for oidc_client_id. Can be set with the `RODE_OIDC_CLIENT_SECRET` environment variable.","description_kind":"markdown","optional":true,"sensitive":true},"oidc_scopes":{"type":"string","description":"A space-delimited list of scopes to request in the client credentials grant. Can also be set with the `RODE_OIDC_SCOPES` environment variable.","description_kind":"markdown","optional":true},"oidc_tls_insecure_skip_verify":{"type":"bool","description":"Disable transport security when communicating with the OAuth2 server. Only recommended for local development. Set with the `RODE_OIDC_TLS_INSECURE_SKIP_VERIFY` environment variable.","description_kind":"markdown","optional":true},"oidc_token_url":{"type":"string","description":"OAuth2 token url. Can be set with the OIDC_TOKEN_URL environment variable","description_kind":"markdown","optional":true}},"description_kind":"plain"}},"resource_schemas":{"rode_policy":{"version":0,"block":{"attributes":{"created":{"type":"string","description":"Creation timestamp","description_kind":"markdown","computed":true},"current_version":{"type":"number","description":"Current version of the policy","description_kind":"markdown","computed":true},"deleted":{"type":"bool","description":"Indicates that the policy has been deleted.","description_kind":"markdown","computed":true},"description":{"type":"string","description":"A brief summary of the policy","description_kind":"markdown","optional":true},"id":{"type":"string","description_kind":"plain","optional":true,"computed":true},"message":{"type":"string","description":"A summary of changes since the last version","description_kind":"markdown","optional":true,"computed":true},"name":{"type":"string","description":"Policy name","description_kind":"markdown","required":true},"policy_version_id":{"type":"string","description":"Policy version id","description_kind":"markdown","computed":true},"rego_content":{"type":"string","description":"The Rego code","description_kind":"markdown","required":true},"updated":{"type":"string","description":"Last updated timestamp","description_kind":"markdown","computed":true}},"description":"An Open Policy Agent Rego policy.","description_kind":"markdown"}},"rode_policy_assignment":{"version":0,"block":{"attributes":{"created":{"type":"string","description":"Creation timestamp","description_kind":"markdown","computed":true},"id":{"type":"string","description_kind":"plain","optional":true,"computed":true},"policy_group":{"type":"string","description":"Name of the policy group to associate with the policy","description_kind":"markdown","required":true},"policy_version_id":{"type":"string","description":"Unique identifier of the versioned policy","description_kind":"markdown","required":true},"updated":{"type":"string","description":"Last updated timestamp","description_kind":"markdown","computed":true}},"description":"A policy assignment is a mapping between a policy group and a policy version","description_kind":"markdown"}},"rode_policy_group":{"version":0,"block":{"attributes":{"created":{"type":"string","description":"Creation timestamp","description_kind":"markdown","computed":true},"deleted":{"type":"bool","description":"Indicates that the policy group has been deleted.","description_kind":"markdown","computed":true},"description":{"type":"string","description":"A brief summary of the intended use of the policy group","description_kind":"markdown","optional":true},"id":{"type":"string","description_kind":"plain","optional":true,"computed":true},"name":{"type":"string","description":"Unique identifier for the policy group","description_kind":"markdown","required":true},"updated":{"type":"string","description":"Last updated timestamp","description_kind":"markdown","computed":true}},"description":"A policy group is a collection of policies that Rode evaluates against a resource.","description_kind":"markdown"}}}}}}
