{"format_version":"0.2","provider_schemas":{"registry.terraform.io/roleypoly/discord-interactions":{"provider":{"version":0,"block":{"attributes":{"api_root":{"type":"string","description":"**Testing only:** Change Discord API base path. Only useful for testing, don't use this in production.","description_kind":"plain","optional":true},"application_id":{"type":"string","description":"Discord Application ID from https://discord.com/developers. Defaults to environment variable `DISCORD_APPLICATION_ID`","description_kind":"plain","required":true},"bot_token":{"type":"string","description":"Discord bot token from https://discord.com/developers. Defaults to environment variable `DISCORD_BOT_TOKEN`","description_kind":"plain","optional":true,"sensitive":true},"client_credentials_token":{"type":"string","description":"Discord client credentials token. (must have applications.commands.update scope). Defaults to environment variable `DISCORD_CLIENT_TOKEN`","description_kind":"plain","optional":true,"sensitive":true}},"description_kind":"plain"}},"resource_schemas":{"discord-interactions_global_command":{"version":0,"block":{"attributes":{"application_id":{"type":"string","description_kind":"plain","computed":true},"default_permission":{"type":"bool","description":"whether the command is enabled by default when the app is added to a guild","description_kind":"plain","optional":true},"description":{"type":"string","description":"1-100 character description","description_kind":"plain","required":true},"id":{"type":"string","description_kind":"plain","computed":true},"name":{"type":"string","description":"1-32 lowercase character name. Changing this will force recreation.","description_kind":"plain","required":true}},"block_types":{"option":{"nesting_mode":"list","block":{"attributes":{"description":{"type":"string","description_kind":"plain","required":true},"name":{"type":"string","description_kind":"plain","required":true},"required":{"type":"bool","description_kind":"plain","optional":true},"type":{"type":"number","description":"Type of the option, refer to documentation: https://discord.com/developers/docs/interactions/slash-commands#application-command-object-application-command-option-type","description_kind":"plain","optional":true}},"block_types":{"choice":{"nesting_mode":"list","block":{"attributes":{"float_value":{"type":"number","description_kind":"plain","optional":true},"int_value":{"type":"number","description_kind":"plain","optional":true},"name":{"type":"string","description":"1-100 character choice name","description_kind":"plain","required":true},"string_value":{"type":"string","description_kind":"plain","optional":true}},"description_kind":"plain"},"max_items":25},"option":{"nesting_mode":"list","block":{"attributes":{"description":{"type":"string","description_kind":"plain","required":true},"name":{"type":"string","description_kind":"plain","required":true},"required":{"type":"bool","description_kind":"plain","optional":true},"type":{"type":"number","description":"Type of the option, refer to documentation: https://discord.com/developers/docs/interactions/slash-commands#application-command-object-application-command-option-type","description_kind":"plain","optional":true}},"block_types":{"choice":{"nesting_mode":"list","block":{"attributes":{"float_value":{"type":"number","description_kind":"plain","optional":true},"int_value":{"type":"number","description_kind":"plain","optional":true},"name":{"type":"string","description":"1-100 character choice name","description_kind":"plain","required":true},"string_value":{"type":"string","description_kind":"plain","optional":true}},"description_kind":"plain"},"max_items":25}},"description":"Parameters for the command. Note: As an implementation detail, making a subcommand group is supported, but only exactly one nesting down of subcommands.","description_kind":"plain"},"max_items":25}},"description":"Parameters for the command. Note: As an implementation detail, making a subcommand group is supported, but only exactly one nesting down of subcommands.","description_kind":"plain"},"max_items":25}},"description_kind":"plain"}},"discord-interactions_guild_command":{"version":0,"block":{"attributes":{"application_id":{"type":"string","description_kind":"plain","computed":true},"default_permission":{"type":"bool","description":"whether the command is enabled by default when the app is added to a guild","description_kind":"plain","optional":true},"description":{"type":"string","description":"1-100 character description","description_kind":"plain","required":true},"guild_id":{"type":"string","description_kind":"plain","required":true},"id":{"type":"string","description_kind":"plain","computed":true},"name":{"type":"string","description":"1-32 lowercase character name. Changing this will force recreation.","description_kind":"plain","required":true}},"block_types":{"option":{"nesting_mode":"list","block":{"attributes":{"description":{"type":"string","description_kind":"plain","required":true},"name":{"type":"string","description_kind":"plain","required":true},"required":{"type":"bool","description_kind":"plain","optional":true},"type":{"type":"number","description":"Type of the option, refer to documentation: https://discord.com/developers/docs/interactions/slash-commands#application-command-object-application-command-option-type","description_kind":"plain","optional":true}},"block_types":{"choice":{"nesting_mode":"list","block":{"attributes":{"float_value":{"type":"number","description_kind":"plain","optional":true},"int_value":{"type":"number","description_kind":"plain","optional":true},"name":{"type":"string","description":"1-100 character choice name","description_kind":"plain","required":true},"string_value":{"type":"string","description_kind":"plain","optional":true}},"description_kind":"plain"},"max_items":25},"option":{"nesting_mode":"list","block":{"attributes":{"description":{"type":"string","description_kind":"plain","required":true},"name":{"type":"string","description_kind":"plain","required":true},"required":{"type":"bool","description_kind":"plain","optional":true},"type":{"type":"number","description":"Type of the option, refer to documentation: https://discord.com/developers/docs/interactions/slash-commands#application-command-object-application-command-option-type","description_kind":"plain","optional":true}},"block_types":{"choice":{"nesting_mode":"list","block":{"attributes":{"float_value":{"type":"number","description_kind":"plain","optional":true},"int_value":{"type":"number","description_kind":"plain","optional":true},"name":{"type":"string","description":"1-100 character choice name","description_kind":"plain","required":true},"string_value":{"type":"string","description_kind":"plain","optional":true}},"description_kind":"plain"},"max_items":25}},"description":"Parameters for the command. Note: As an implementation detail, making a subcommand group is supported, but only exactly one nesting down of subcommands.","description_kind":"plain"},"max_items":25}},"description":"Parameters for the command. Note: As an implementation detail, making a subcommand group is supported, but only exactly one nesting down of subcommands.","description_kind":"plain"},"max_items":25}},"description_kind":"plain"}}}}}}
