{"format_version":"0.2","provider_schemas":{"registry.terraform.io/rptcloud/rpt":{"provider":{"version":0,"block":{"attributes":{"endpoint":{"type":"string","description_kind":"plain","required":true},"password":{"type":"string","description_kind":"plain","optional":true,"sensitive":true},"username":{"type":"string","description_kind":"plain","optional":true}},"description_kind":"plain"}},"resource_schemas":{"rpt_hotel":{"version":0,"block":{"attributes":{"city":{"type":"string","description_kind":"plain","required":true},"description":{"type":"string","description_kind":"plain","required":true},"id":{"type":"string","description_kind":"plain","computed":true},"last_updated":{"type":"string","description_kind":"plain","optional":true,"computed":true},"name":{"type":"string","description_kind":"plain","required":true},"photo":{"type":"string","description_kind":"plain","optional":true},"rating":{"type":"string","description_kind":"plain","required":true},"state":{"type":"string","description_kind":"plain","required":true}},"description_kind":"plain"}}},"data_source_schemas":{"rpt_hotels":{"version":0,"block":{"attributes":{"city":{"type":"string","description_kind":"plain","computed":true},"description":{"type":"string","description_kind":"plain","computed":true},"hotel_num":{"type":"string","description_kind":"plain","required":true},"id":{"type":"number","description_kind":"plain","computed":true},"name":{"type":"string","description_kind":"plain","computed":true},"photo":{"type":"string","description_kind":"plain","computed":true},"rating":{"type":"number","description_kind":"plain","computed":true},"state":{"type":"string","description_kind":"plain","computed":true}},"description_kind":"plain"}}}}}}
