{"format_version":"0.2","provider_schemas":{"registry.terraform.io/rudderlabs/rudderstack":{"provider":{"version":0,"block":{"attributes":{"host":{"type":"string","description_kind":"plain","optional":true,"computed":true},"schema_host":{"type":"string","description_kind":"plain","optional":true,"computed":true},"schema_token":{"type":"string","description_kind":"plain","optional":true,"computed":true,"sensitive":true},"token":{"type":"string","description_kind":"plain","optional":true,"computed":true,"sensitive":true}},"description_kind":"plain"}},"resource_schemas":{"rudderstack_connection":{"version":0,"block":{"attributes":{"destination_id":{"type":"string","description_kind":"plain","required":true},"id":{"type":"string","description_kind":"plain","computed":true},"source_id":{"type":"string","description_kind":"plain","required":true}},"description_kind":"plain"}},"rudderstack_destination":{"version":0,"block":{"attributes":{"config":{"nested_type":{"attributes":{"object":{"nested_type":{"attributes":{"bool":{"type":"bool","description_kind":"plain","optional":true},"num":{"type":"number","description_kind":"plain","optional":true},"object":{"nested_type":{"attributes":{"bool":{"type":"bool","description_kind":"plain","optional":true},"num":{"type":"number","description_kind":"plain","optional":true},"object":{"nested_type":{"attributes":{"bool":{"type":"bool","description_kind":"plain","optional":true},"num":{"type":"number","description_kind":"plain","optional":true},"object":{"nested_type":{"attributes":{"bool":{"type":"bool","description_kind":"plain","optional":true},"num":{"type":"number","description_kind":"plain","optional":true},"object":{"nested_type":{"attributes":{"bool":{"type":"bool","description_kind":"plain","optional":true},"num":{"type":"number","description_kind":"plain","optional":true},"object":{"type":"bool","description_kind":"plain","optional":true},"objects_list":{"type":"bool","description_kind":"plain","optional":true},"str":{"type":"string","description_kind":"plain","optional":true}},"nesting_mode":"map"},"description_kind":"plain","optional":true},"objects_list":{"nested_type":{"attributes":{"object":{"nested_type":{"attributes":{"bool":{"type":"bool","description_kind":"plain","optional":true},"num":{"type":"number","description_kind":"plain","optional":true},"object":{"type":"bool","description_kind":"plain","optional":true},"objects_list":{"type":"bool","description_kind":"plain","optional":true},"str":{"type":"string","description_kind":"plain","optional":true}},"nesting_mode":"map"},"description_kind":"plain","required":true}},"nesting_mode":"list"},"description_kind":"plain","optional":true},"str":{"type":"string","description_kind":"plain","optional":true}},"nesting_mode":"map"},"description_kind":"plain","optional":true},"objects_list":{"nested_type":{"attributes":{"object":{"nested_type":{"attributes":{"bool":{"type":"bool","description_kind":"plain","optional":true},"num":{"type":"number","description_kind":"plain","optional":true},"object":{"nested_type":{"attributes":{"bool":{"type":"bool","description_kind":"plain","optional":true},"num":{"type":"number","description_kind":"plain","optional":true},"object":{"type":"bool","description_kind":"plain","optional":true},"objects_list":{"type":"bool","description_kind":"plain","optional":true},"str":{"type":"string","description_kind":"plain","optional":true}},"nesting_mode":"map"},"description_kind":"plain","optional":true},"objects_list":{"nested_type":{"attributes":{"object":{"nested_type":{"attributes":{"bool":{"type":"bool","description_kind":"plain","optional":true},"num":{"type":"number","description_kind":"plain","optional":true},"object":{"type":"bool","description_kind":"plain","optional":true},"objects_list":{"type":"bool","description_kind":"plain","optional":true},"str":{"type":"string","description_kind":"plain","optional":true}},"nesting_mode":"map"},"description_kind":"plain","required":true}},"nesting_mode":"list"},"description_kind":"plain","optional":true},"str":{"type":"string","description_kind":"plain","optional":true}},"nesting_mode":"map"},"description_kind":"plain","required":true}},"nesting_mode":"list"},"description_kind":"plain","optional":true},"str":{"type":"string","description_kind":"plain","optional":true}},"nesting_mode":"map"},"description_kind":"plain","optional":true},"objects_list":{"nested_type":{"attributes":{"object":{"nested_type":{"attributes":{"bool":{"type":"bool","description_kind":"plain","optional":true},"num":{"type":"number","description_kind":"plain","optional":true},"object":{"nested_type":{"attributes":{"bool":{"type":"bool","description_kind":"plain","optional":true},"num":{"type":"number","description_kind":"plain","optional":true},"object":{"nested_type":{"attributes":{"bool":{"type":"bool","description_kind":"plain","optional":true},"num":{"type":"number","description_kind":"plain","optional":true},"object":{"type":"bool","description_kind":"plain","optional":true},"objects_list":{"type":"bool","description_kind":"plain","optional":true},"str":{"type":"string","description_kind":"plain","optional":true}},"nesting_mode":"map"},"description_kind":"plain","optional":true},"objects_list":{"nested_type":{"attributes":{"object":{"nested_type":{"attributes":{"bool":{"type":"bool","description_kind":"plain","optional":true},"num":{"type":"number","description_kind":"plain","optional":true},"object":{"type":"bool","description_kind":"plain","optional":true},"objects_list":{"type":"bool","description_kind":"plain","optional":true},"str":{"type":"string","description_kind":"plain","optional":true}},"nesting_mode":"map"},"description_kind":"plain","required":true}},"nesting_mode":"list"},"description_kind":"plain","optional":true},"str":{"type":"string","description_kind":"plain","optional":true}},"nesting_mode":"map"},"description_kind":"plain","optional":true},"objects_list":{"nested_type":{"attributes":{"object":{"nested_type":{"attributes":{"bool":{"type":"bool","description_kind":"plain","optional":true},"num":{"type":"number","description_kind":"plain","optional":true},"object":{"nested_type":{"attributes":{"bool":{"type":"bool","description_kind":"plain","optional":true},"num":{"type":"number","description_kind":"plain","optional":true},"object":{"type":"bool","description_kind":"plain","optional":true},"objects_list":{"type":"bool","description_kind":"plain","optional":true},"str":{"type":"string","description_kind":"plain","optional":true}},"nesting_mode":"map"},"description_kind":"plain","optional":true},"objects_list":{"nested_type":{"attributes":{"object":{"nested_type":{"attributes":{"bool":{"type":"bool","description_kind":"plain","optional":true},"num":{"type":"number","description_kind":"plain","optional":true},"object":{"type":"bool","description_kind":"plain","optional":true},"objects_list":{"type":"bool","description_kind":"plain","optional":true},"str":{"type":"string","description_kind":"plain","optional":true}},"nesting_mode":"map"},"description_kind":"plain","required":true}},"nesting_mode":"list"},"description_kind":"plain","optional":true},"str":{"type":"string","description_kind":"plain","optional":true}},"nesting_mode":"map"},"description_kind":"plain","required":true}},"nesting_mode":"list"},"description_kind":"plain","optional":true},"str":{"type":"string","description_kind":"plain","optional":true}},"nesting_mode":"map"},"description_kind":"plain","required":true}},"nesting_mode":"list"},"description_kind":"plain","optional":true},"str":{"type":"string","description_kind":"plain","optional":true}},"nesting_mode":"map"},"description_kind":"plain","optional":true},"objects_list":{"nested_type":{"attributes":{"object":{"nested_type":{"attributes":{"bool":{"type":"bool","description_kind":"plain","optional":true},"num":{"type":"number","description_kind":"plain","optional":true},"object":{"nested_type":{"attributes":{"bool":{"type":"bool","description_kind":"plain","optional":true},"num":{"type":"number","description_kind":"plain","optional":true},"object":{"nested_type":{"attributes":{"bool":{"type":"bool","description_kind":"plain","optional":true},"num":{"type":"number","description_kind":"plain","optional":true},"object":{"nested_type":{"attributes":{"bool":{"type":"bool","description_kind":"plain","optional":true},"num":{"type":"number","description_kind":"plain","optional":true},"object":{"type":"bool","description_kind":"plain","optional":true},"objects_list":{"type":"bool","description_kind":"plain","optional":true},"str":{"type":"string","description_kind":"plain","optional":true}},"nesting_mode":"map"},"description_kind":"plain","optional":true},"objects_list":{"nested_type":{"attributes":{"object":{"nested_type":{"attributes":{"bool":{"type":"bool","description_kind":"plain","optional":true},"num":{"type":"number","description_kind":"plain","optional":true},"object":{"type":"bool","description_kind":"plain","optional":true},"objects_list":{"type":"bool","description_kind":"plain","optional":true},"str":{"type":"string","description_kind":"plain","optional":true}},"nesting_mode":"map"},"description_kind":"plain","required":true}},"nesting_mode":"list"},"description_kind":"plain","optional":true},"str":{"type":"string","description_kind":"plain","optional":true}},"nesting_mode":"map"},"description_kind":"plain","optional":true},"objects_list":{"nested_type":{"attributes":{"object":{"nested_type":{"attributes":{"bool":{"type":"bool","description_kind":"plain","optional":true},"num":{"type":"number","description_kind":"plain","optional":true},"object":{"nested_type":{"attributes":{"bool":{"type":"bool","description_kind":"plain","optional":true},"num":{"type":"number","description_kind":"plain","optional":true},"object":{"type":"bool","description_kind":"plain","optional":true},"objects_list":{"type":"bool","description_kind":"plain","optional":true},"str":{"type":"string","description_kind":"plain","optional":true}},"nesting_mode":"map"},"description_kind":"plain","optional":true},"objects_list":{"nested_type":{"attributes":{"object":{"nested_type":{"attributes":{"bool":{"type":"bool","description_kind":"plain","optional":true},"num":{"type":"number","description_kind":"plain","optional":true},"object":{"type":"bool","description_kind":"plain","optional":true},"objects_list":{"type":"bool","description_kind":"plain","optional":true},"str":{"type":"string","description_kind":"plain","optional":true}},"nesting_mode":"map"},"description_kind":"plain","required":true}},"nesting_mode":"list"},"description_kind":"plain","optional":true},"str":{"type":"string","description_kind":"plain","optional":true}},"nesting_mode":"map"},"description_kind":"plain","required":true}},"nesting_mode":"list"},"description_kind":"plain","optional":true},"str":{"type":"string","description_kind":"plain","optional":true}},"nesting_mode":"map"},"description_kind":"plain","optional":true},"objects_list":{"nested_type":{"attributes":{"object":{"nested_type":{"attributes":{"bool":{"type":"bool","description_kind":"plain","optional":true},"num":{"type":"number","description_kind":"plain","optional":true},"object":{"nested_type":{"attributes":{"bool":{"type":"bool","description_kind":"plain","optional":true},"num":{"type":"number","description_kind":"plain","optional":true},"object":{"nested_type":{"attributes":{"bool":{"type":"bool","description_kind":"plain","optional":true},"num":{"type":"number","description_kind":"plain","optional":true},"object":{"type":"bool","description_kind":"plain","optional":true},"objects_list":{"type":"bool","description_kind":"plain","optional":true},"str":{"type":"string","description_kind":"plain","optional":true}},"nesting_mode":"map"},"description_kind":"plain","optional":true},"objects_list":{"nested_type":{"attributes":{"object":{"nested_type":{"attributes":{"bool":{"type":"bool","description_kind":"plain","optional":true},"num":{"type":"number","description_kind":"plain","optional":true},"object":{"type":"bool","description_kind":"plain","optional":true},"objects_list":{"type":"bool","description_kind":"plain","optional":true},"str":{"type":"string","description_kind":"plain","optional":true}},"nesting_mode":"map"},"description_kind":"plain","required":true}},"nesting_mode":"list"},"description_kind":"plain","optional":true},"str":{"type":"string","description_kind":"plain","optional":true}},"nesting_mode":"map"},"description_kind":"plain","optional":true},"objects_list":{"nested_type":{"attributes":{"object":{"nested_type":{"attributes":{"bool":{"type":"bool","description_kind":"plain","optional":true},"num":{"type":"number","description_kind":"plain","optional":true},"object":{"nested_type":{"attributes":{"bool":{"type":"bool","description_kind":"plain","optional":true},"num":{"type":"number","description_kind":"plain","optional":true},"object":{"type":"bool","description_kind":"plain","optional":true},"objects_list":{"type":"bool","description_kind":"plain","optional":true},"str":{"type":"string","description_kind":"plain","optional":true}},"nesting_mode":"map"},"description_kind":"plain","optional":true},"objects_list":{"nested_type":{"attributes":{"object":{"nested_type":{"attributes":{"bool":{"type":"bool","description_kind":"plain","optional":true},"num":{"type":"number","description_kind":"plain","optional":true},"object":{"type":"bool","description_kind":"plain","optional":true},"objects_list":{"type":"bool","description_kind":"plain","optional":true},"str":{"type":"string","description_kind":"plain","optional":true}},"nesting_mode":"map"},"description_kind":"plain","required":true}},"nesting_mode":"list"},"description_kind":"plain","optional":true},"str":{"type":"string","description_kind":"plain","optional":true}},"nesting_mode":"map"},"description_kind":"plain","required":true}},"nesting_mode":"list"},"description_kind":"plain","optional":true},"str":{"type":"string","description_kind":"plain","optional":true}},"nesting_mode":"map"},"description_kind":"plain","required":true}},"nesting_mode":"list"},"description_kind":"plain","optional":true},"str":{"type":"string","description_kind":"plain","optional":true}},"nesting_mode":"map"},"description_kind":"plain","required":true}},"nesting_mode":"list"},"description_kind":"plain","optional":true},"str":{"type":"string","description_kind":"plain","optional":true}},"nesting_mode":"map"},"description_kind":"plain","required":true}},"nesting_mode":"single"},"description_kind":"plain","required":true},"id":{"type":"string","description_kind":"plain","computed":true},"name":{"type":"string","description_kind":"plain","required":true},"type":{"type":"string","description_kind":"plain","required":true}},"description_kind":"plain"}},"rudderstack_source":{"version":0,"block":{"attributes":{"config":{"nested_type":{"attributes":{"object":{"nested_type":{"attributes":{"bool":{"type":"bool","description_kind":"plain","optional":true},"num":{"type":"number","description_kind":"plain","optional":true},"object":{"nested_type":{"attributes":{"bool":{"type":"bool","description_kind":"plain","optional":true},"num":{"type":"number","description_kind":"plain","optional":true},"object":{"nested_type":{"attributes":{"bool":{"type":"bool","description_kind":"plain","optional":true},"num":{"type":"number","description_kind":"plain","optional":true},"object":{"nested_type":{"attributes":{"bool":{"type":"bool","description_kind":"plain","optional":true},"num":{"type":"number","description_kind":"plain","optional":true},"object":{"nested_type":{"attributes":{"bool":{"type":"bool","description_kind":"plain","optional":true},"num":{"type":"number","description_kind":"plain","optional":true},"object":{"type":"bool","description_kind":"plain","optional":true},"objects_list":{"type":"bool","description_kind":"plain","optional":true},"str":{"type":"string","description_kind":"plain","optional":true}},"nesting_mode":"map"},"description_kind":"plain","optional":true},"objects_list":{"nested_type":{"attributes":{"object":{"nested_type":{"attributes":{"bool":{"type":"bool","description_kind":"plain","optional":true},"num":{"type":"number","description_kind":"plain","optional":true},"object":{"type":"bool","description_kind":"plain","optional":true},"objects_list":{"type":"bool","description_kind":"plain","optional":true},"str":{"type":"string","description_kind":"plain","optional":true}},"nesting_mode":"map"},"description_kind":"plain","required":true}},"nesting_mode":"list"},"description_kind":"plain","optional":true},"str":{"type":"string","description_kind":"plain","optional":true}},"nesting_mode":"map"},"description_kind":"plain","optional":true},"objects_list":{"nested_type":{"attributes":{"object":{"nested_type":{"attributes":{"bool":{"type":"bool","description_kind":"plain","optional":true},"num":{"type":"number","description_kind":"plain","optional":true},"object":{"nested_type":{"attributes":{"bool":{"type":"bool","description_kind":"plain","optional":true},"num":{"type":"number","description_kind":"plain","optional":true},"object":{"type":"bool","description_kind":"plain","optional":true},"objects_list":{"type":"bool","description_kind":"plain","optional":true},"str":{"type":"string","description_kind":"plain","optional":true}},"nesting_mode":"map"},"description_kind":"plain","optional":true},"objects_list":{"nested_type":{"attributes":{"object":{"nested_type":{"attributes":{"bool":{"type":"bool","description_kind":"plain","optional":true},"num":{"type":"number","description_kind":"plain","optional":true},"object":{"type":"bool","description_kind":"plain","optional":true},"objects_list":{"type":"bool","description_kind":"plain","optional":true},"str":{"type":"string","description_kind":"plain","optional":true}},"nesting_mode":"map"},"description_kind":"plain","required":true}},"nesting_mode":"list"},"description_kind":"plain","optional":true},"str":{"type":"string","description_kind":"plain","optional":true}},"nesting_mode":"map"},"description_kind":"plain","required":true}},"nesting_mode":"list"},"description_kind":"plain","optional":true},"str":{"type":"string","description_kind":"plain","optional":true}},"nesting_mode":"map"},"description_kind":"plain","optional":true},"objects_list":{"nested_type":{"attributes":{"object":{"nested_type":{"attributes":{"bool":{"type":"bool","description_kind":"plain","optional":true},"num":{"type":"number","description_kind":"plain","optional":true},"object":{"nested_type":{"attributes":{"bool":{"type":"bool","description_kind":"plain","optional":true},"num":{"type":"number","description_kind":"plain","optional":true},"object":{"nested_type":{"attributes":{"bool":{"type":"bool","description_kind":"plain","optional":true},"num":{"type":"number","description_kind":"plain","optional":true},"object":{"type":"bool","description_kind":"plain","optional":true},"objects_list":{"type":"bool","description_kind":"plain","optional":true},"str":{"type":"string","description_kind":"plain","optional":true}},"nesting_mode":"map"},"description_kind":"plain","optional":true},"objects_list":{"nested_type":{"attributes":{"object":{"nested_type":{"attributes":{"bool":{"type":"bool","description_kind":"plain","optional":true},"num":{"type":"number","description_kind":"plain","optional":true},"object":{"type":"bool","description_kind":"plain","optional":true},"objects_list":{"type":"bool","description_kind":"plain","optional":true},"str":{"type":"string","description_kind":"plain","optional":true}},"nesting_mode":"map"},"description_kind":"plain","required":true}},"nesting_mode":"list"},"description_kind":"plain","optional":true},"str":{"type":"string","description_kind":"plain","optional":true}},"nesting_mode":"map"},"description_kind":"plain","optional":true},"objects_list":{"nested_type":{"attributes":{"object":{"nested_type":{"attributes":{"bool":{"type":"bool","description_kind":"plain","optional":true},"num":{"type":"number","description_kind":"plain","optional":true},"object":{"nested_type":{"attributes":{"bool":{"type":"bool","description_kind":"plain","optional":true},"num":{"type":"number","description_kind":"plain","optional":true},"object":{"type":"bool","description_kind":"plain","optional":true},"objects_list":{"type":"bool","description_kind":"plain","optional":true},"str":{"type":"string","description_kind":"plain","optional":true}},"nesting_mode":"map"},"description_kind":"plain","optional":true},"objects_list":{"nested_type":{"attributes":{"object":{"nested_type":{"attributes":{"bool":{"type":"bool","description_kind":"plain","optional":true},"num":{"type":"number","description_kind":"plain","optional":true},"object":{"type":"bool","description_kind":"plain","optional":true},"objects_list":{"type":"bool","description_kind":"plain","optional":true},"str":{"type":"string","description_kind":"plain","optional":true}},"nesting_mode":"map"},"description_kind":"plain","required":true}},"nesting_mode":"list"},"description_kind":"plain","optional":true},"str":{"type":"string","description_kind":"plain","optional":true}},"nesting_mode":"map"},"description_kind":"plain","required":true}},"nesting_mode":"list"},"description_kind":"plain","optional":true},"str":{"type":"string","description_kind":"plain","optional":true}},"nesting_mode":"map"},"description_kind":"plain","required":true}},"nesting_mode":"list"},"description_kind":"plain","optional":true},"str":{"type":"string","description_kind":"plain","optional":true}},"nesting_mode":"map"},"description_kind":"plain","optional":true},"objects_list":{"nested_type":{"attributes":{"object":{"nested_type":{"attributes":{"bool":{"type":"bool","description_kind":"plain","optional":true},"num":{"type":"number","description_kind":"plain","optional":true},"object":{"nested_type":{"attributes":{"bool":{"type":"bool","description_kind":"plain","optional":true},"num":{"type":"number","description_kind":"plain","optional":true},"object":{"nested_type":{"attributes":{"bool":{"type":"bool","description_kind":"plain","optional":true},"num":{"type":"number","description_kind":"plain","optional":true},"object":{"nested_type":{"attributes":{"bool":{"type":"bool","description_kind":"plain","optional":true},"num":{"type":"number","description_kind":"plain","optional":true},"object":{"type":"bool","description_kind":"plain","optional":true},"objects_list":{"type":"bool","description_kind":"plain","optional":true},"str":{"type":"string","description_kind":"plain","optional":true}},"nesting_mode":"map"},"description_kind":"plain","optional":true},"objects_list":{"nested_type":{"attributes":{"object":{"nested_type":{"attributes":{"bool":{"type":"bool","description_kind":"plain","optional":true},"num":{"type":"number","description_kind":"plain","optional":true},"object":{"type":"bool","description_kind":"plain","optional":true},"objects_list":{"type":"bool","description_kind":"plain","optional":true},"str":{"type":"string","description_kind":"plain","optional":true}},"nesting_mode":"map"},"description_kind":"plain","required":true}},"nesting_mode":"list"},"description_kind":"plain","optional":true},"str":{"type":"string","description_kind":"plain","optional":true}},"nesting_mode":"map"},"description_kind":"plain","optional":true},"objects_list":{"nested_type":{"attributes":{"object":{"nested_type":{"attributes":{"bool":{"type":"bool","description_kind":"plain","optional":true},"num":{"type":"number","description_kind":"plain","optional":true},"object":{"nested_type":{"attributes":{"bool":{"type":"bool","description_kind":"plain","optional":true},"num":{"type":"number","description_kind":"plain","optional":true},"object":{"type":"bool","description_kind":"plain","optional":true},"objects_list":{"type":"bool","description_kind":"plain","optional":true},"str":{"type":"string","description_kind":"plain","optional":true}},"nesting_mode":"map"},"description_kind":"plain","optional":true},"objects_list":{"nested_type":{"attributes":{"object":{"nested_type":{"attributes":{"bool":{"type":"bool","description_kind":"plain","optional":true},"num":{"type":"number","description_kind":"plain","optional":true},"object":{"type":"bool","description_kind":"plain","optional":true},"objects_list":{"type":"bool","description_kind":"plain","optional":true},"str":{"type":"string","description_kind":"plain","optional":true}},"nesting_mode":"map"},"description_kind":"plain","required":true}},"nesting_mode":"list"},"description_kind":"plain","optional":true},"str":{"type":"string","description_kind":"plain","optional":true}},"nesting_mode":"map"},"description_kind":"plain","required":true}},"nesting_mode":"list"},"description_kind":"plain","optional":true},"str":{"type":"string","description_kind":"plain","optional":true}},"nesting_mode":"map"},"description_kind":"plain","optional":true},"objects_list":{"nested_type":{"attributes":{"object":{"nested_type":{"attributes":{"bool":{"type":"bool","description_kind":"plain","optional":true},"num":{"type":"number","description_kind":"plain","optional":true},"object":{"nested_type":{"attributes":{"bool":{"type":"bool","description_kind":"plain","optional":true},"num":{"type":"number","description_kind":"plain","optional":true},"object":{"nested_type":{"attributes":{"bool":{"type":"bool","description_kind":"plain","optional":true},"num":{"type":"number","description_kind":"plain","optional":true},"object":{"type":"bool","description_kind":"plain","optional":true},"objects_list":{"type":"bool","description_kind":"plain","optional":true},"str":{"type":"string","description_kind":"plain","optional":true}},"nesting_mode":"map"},"description_kind":"plain","optional":true},"objects_list":{"nested_type":{"attributes":{"object":{"nested_type":{"attributes":{"bool":{"type":"bool","description_kind":"plain","optional":true},"num":{"type":"number","description_kind":"plain","optional":true},"object":{"type":"bool","description_kind":"plain","optional":true},"objects_list":{"type":"bool","description_kind":"plain","optional":true},"str":{"type":"string","description_kind":"plain","optional":true}},"nesting_mode":"map"},"description_kind":"plain","required":true}},"nesting_mode":"list"},"description_kind":"plain","optional":true},"str":{"type":"string","description_kind":"plain","optional":true}},"nesting_mode":"map"},"description_kind":"plain","optional":true},"objects_list":{"nested_type":{"attributes":{"object":{"nested_type":{"attributes":{"bool":{"type":"bool","description_kind":"plain","optional":true},"num":{"type":"number","description_kind":"plain","optional":true},"object":{"nested_type":{"attributes":{"bool":{"type":"bool","description_kind":"plain","optional":true},"num":{"type":"number","description_kind":"plain","optional":true},"object":{"type":"bool","description_kind":"plain","optional":true},"objects_list":{"type":"bool","description_kind":"plain","optional":true},"str":{"type":"string","description_kind":"plain","optional":true}},"nesting_mode":"map"},"description_kind":"plain","optional":true},"objects_list":{"nested_type":{"attributes":{"object":{"nested_type":{"attributes":{"bool":{"type":"bool","description_kind":"plain","optional":true},"num":{"type":"number","description_kind":"plain","optional":true},"object":{"type":"bool","description_kind":"plain","optional":true},"objects_list":{"type":"bool","description_kind":"plain","optional":true},"str":{"type":"string","description_kind":"plain","optional":true}},"nesting_mode":"map"},"description_kind":"plain","required":true}},"nesting_mode":"list"},"description_kind":"plain","optional":true},"str":{"type":"string","description_kind":"plain","optional":true}},"nesting_mode":"map"},"description_kind":"plain","required":true}},"nesting_mode":"list"},"description_kind":"plain","optional":true},"str":{"type":"string","description_kind":"plain","optional":true}},"nesting_mode":"map"},"description_kind":"plain","required":true}},"nesting_mode":"list"},"description_kind":"plain","optional":true},"str":{"type":"string","description_kind":"plain","optional":true}},"nesting_mode":"map"},"description_kind":"plain","required":true}},"nesting_mode":"list"},"description_kind":"plain","optional":true},"str":{"type":"string","description_kind":"plain","optional":true}},"nesting_mode":"map"},"description_kind":"plain","required":true}},"nesting_mode":"single"},"description_kind":"plain","required":true},"id":{"type":"string","description_kind":"plain","computed":true},"name":{"type":"string","description_kind":"plain","required":true},"type":{"type":"string","description_kind":"plain","required":true}},"description_kind":"plain"}}}}}}
