{"format_version":"0.2","provider_schemas":{"registry.terraform.io/rxrevu/snowflake":{"provider":{"version":0,"block":{"attributes":{"account":{"type":"string","description_kind":"plain","required":true},"browser_auth":{"type":"bool","description_kind":"plain","optional":true},"oauth_access_token":{"type":"string","description_kind":"plain","optional":true,"sensitive":true},"oauth_client_id":{"type":"string","description_kind":"plain","optional":true,"sensitive":true},"oauth_client_secret":{"type":"string","description_kind":"plain","optional":true,"sensitive":true},"oauth_endpoint":{"type":"string","description_kind":"plain","optional":true,"sensitive":true},"oauth_redirect_url":{"type":"string","description_kind":"plain","optional":true,"sensitive":true},"oauth_refresh_token":{"type":"string","description_kind":"plain","optional":true,"sensitive":true},"password":{"type":"string","description_kind":"plain","optional":true,"sensitive":true},"private_key":{"type":"string","description_kind":"plain","optional":true,"sensitive":true},"private_key_passphrase":{"type":"string","description":"Supports the encryption ciphers aes-128-cbc, aes-128-gcm, aes-192-cbc, aes-192-gcm, aes-256-cbc, aes-256-gcm, and des-ede3-cbc","description_kind":"plain","optional":true,"sensitive":true},"private_key_path":{"type":"string","description_kind":"plain","optional":true,"sensitive":true},"region":{"type":"string","description_kind":"plain","optional":true},"role":{"type":"string","description_kind":"plain","optional":true},"username":{"type":"string","description_kind":"plain","required":true}},"description_kind":"plain"}},"resource_schemas":{"snowflake_account_grant":{"version":0,"block":{"attributes":{"id":{"type":"string","description_kind":"plain","optional":true,"computed":true},"privilege":{"type":"string","description":"The privilege to grant on the account.","description_kind":"plain","optional":true},"roles":{"type":["set","string"],"description":"Grants privilege to these roles.","description_kind":"plain","optional":true},"with_grant_option":{"type":"bool","description":"When this is set to true, allows the recipient role to grant the privileges to other roles.","description_kind":"plain","optional":true}},"description_kind":"plain"}},"snowflake_api_integration":{"version":0,"block":{"attributes":{"api_allowed_prefixes":{"type":["list","string"],"description":"Explicitly limits external functions that use the integration to reference one or more HTTPS proxy service endpoints and resources within those proxies.","description_kind":"plain","required":true},"api_aws_external_id":{"type":"string","description":"The external ID that Snowflake will use when assuming the AWS role.","description_kind":"plain","computed":true},"api_aws_iam_user_arn":{"type":"string","description":"The Snowflake user that will attempt to assume the AWS role.","description_kind":"plain","computed":true},"api_aws_role_arn":{"type":"string","description":"ARN of a cloud platform role.","description_kind":"plain","optional":true},"api_blocked_prefixes":{"type":["list","string"],"description":"Lists the endpoints and resources in the HTTPS proxy service that are not allowed to be called from Snowflake.","description_kind":"plain","optional":true},"api_provider":{"type":"string","description":"Specifies the HTTPS proxy service type.","description_kind":"plain","required":true},"azure_ad_application_id":{"type":"string","description":"The 'Application (client) id' of the Azure AD app for your remote service.","description_kind":"plain","optional":true},"azure_consent_url":{"type":"string","description_kind":"plain","computed":true},"azure_multi_tenant_app_name":{"type":"string","description_kind":"plain","computed":true},"azure_tenant_id":{"type":"string","description":"Specifies the ID for your Office 365 tenant that all Azure API Management instances belong to.","description_kind":"plain","optional":true},"created_on":{"type":"string","description":"Date and time when the API integration was created.","description_kind":"plain","computed":true},"enabled":{"type":"bool","description":"Specifies whether this API integration is enabled or disabled. If the API integration is disabled, any external function that relies on it will not work.","description_kind":"plain","optional":true},"id":{"type":"string","description_kind":"plain","optional":true,"computed":true},"name":{"type":"string","description":"Specifies the name of the API integration. This name follows the rules for Object Identifiers. The name should be unique among api integrations in your account.","description_kind":"plain","required":true}},"description_kind":"plain"}},"snowflake_database":{"version":0,"block":{"attributes":{"comment":{"type":"string","description_kind":"plain","optional":true},"data_retention_time_in_days":{"type":"number","description_kind":"plain","optional":true,"computed":true},"from_database":{"type":"string","description":"Specify a database to create a clone from.","description_kind":"plain","optional":true},"from_share":{"type":["map","string"],"description":"Specify a provider and a share in this map to create a database from a share.","description_kind":"plain","optional":true},"id":{"type":"string","description_kind":"plain","optional":true,"computed":true},"name":{"type":"string","description_kind":"plain","required":true}},"description_kind":"plain"}},"snowflake_database_grant":{"version":0,"block":{"attributes":{"database_name":{"type":"string","description":"The name of the database on which to grant privileges.","description_kind":"plain","required":true},"id":{"type":"string","description_kind":"plain","optional":true,"computed":true},"privilege":{"type":"string","description":"The privilege to grant on the database.","description_kind":"plain","optional":true},"roles":{"type":["set","string"],"description":"Grants privilege to these roles.","description_kind":"plain","optional":true},"shares":{"type":["set","string"],"description":"Grants privilege to these shares.","description_kind":"plain","optional":true},"with_grant_option":{"type":"bool","description":"When this is set to true, allows the recipient role to grant the privileges to other roles.","description_kind":"plain","optional":true}},"description_kind":"plain"}},"snowflake_external_function":{"version":0,"block":{"attributes":{"api_integration":{"type":"string","description":"The name of the API integration object that should be used to authenticate the call to the proxy service.","description_kind":"plain","required":true},"comment":{"type":"string","description":"A description of the external function.","description_kind":"plain","optional":true},"compression":{"type":"string","description":"If specified, the JSON payload is compressed when sent from Snowflake to the proxy service, and when sent back from the proxy service to Snowflake.","description_kind":"plain","optional":true},"context_headers":{"type":["list","string"],"description":"Binds Snowflake context function results to HTTP headers.","description_kind":"plain","optional":true},"created_on":{"type":"string","description":"Date and time when the external function was created.","description_kind":"plain","computed":true},"database":{"type":"string","description":"The database in which to create the external function.","description_kind":"plain","required":true},"id":{"type":"string","description_kind":"plain","optional":true,"computed":true},"max_batch_rows":{"type":"number","description":"This specifies the maximum number of rows in each batch sent to the proxy service.","description_kind":"plain","optional":true},"name":{"type":"string","description":"Specifies the identifier for the external function. The identifier can contain the schema name and database name, as well as the function name. The function's signature (name and argument data types) must be unique within the schema.","description_kind":"plain","required":true},"null_input_behavior":{"type":"string","description":"Specifies the behavior of the external function when called with null inputs.","description_kind":"plain","optional":true},"return_behavior":{"type":"string","description":"Specifies the behavior of the function when returning results","description_kind":"plain","required":true},"return_null_allowed":{"type":"bool","description":"Indicates whether the function can return NULL values or must return only NON-NULL values.","description_kind":"plain","optional":true},"return_type":{"type":"string","description":"Specifies the data type returned by the external function.","description_kind":"plain","required":true},"schema":{"type":"string","description":"The schema in which to create the external function.","description_kind":"plain","required":true},"url_of_proxy_and_resource":{"type":"string","description":"This is the invocation URL of the proxy service and resource through which Snowflake calls the remote service.","description_kind":"plain","required":true}},"block_types":{"arg":{"nesting_mode":"list","block":{"attributes":{"name":{"type":"string","description":"Argument name","description_kind":"plain","required":true},"type":{"type":"string","description":"Argument type, e.g. VARCHAR","description_kind":"plain","required":true}},"description":"Specifies the arguments/inputs for the external function. These should correspond to the arguments that the remote service expects.","description_kind":"plain"}},"header":{"nesting_mode":"list","block":{"attributes":{"name":{"type":"string","description":"Header name","description_kind":"plain","required":true},"value":{"type":"string","description":"Header value","description_kind":"plain","required":true}},"description":"Allows users to specify key-value metadata that is sent with every request as HTTP headers.","description_kind":"plain"}}},"description_kind":"plain"}},"snowflake_external_table":{"version":0,"block":{"attributes":{"auto_refresh":{"type":"bool","description":"Specifies whether to automatically refresh the external table metadata once, immediately after the external table is created.","description_kind":"plain","optional":true},"aws_sns_topic":{"type":"string","description":"Specifies the aws sns topic for the external table.","description_kind":"plain","optional":true},"comment":{"type":"string","description":"Specifies a comment for the external table.","description_kind":"plain","optional":true},"copy_grants":{"type":"bool","description":"Specifies to retain the access permissions from the original table when an external table is recreated using the CREATE OR REPLACE TABLE variant","description_kind":"plain","optional":true},"database":{"type":"string","description":"The database in which to create the external table.","description_kind":"plain","required":true},"file_format":{"type":"string","description":"Specifies the file format for the external table.","description_kind":"plain","required":true},"id":{"type":"string","description_kind":"plain","optional":true,"computed":true},"location":{"type":"string","description":"Specifies a location for the external table.","description_kind":"plain","required":true},"name":{"type":"string","description":"Specifies the identifier for the external table; must be unique for the database and schema in which the externalTable is created.","description_kind":"plain","required":true},"owner":{"type":"string","description":"Name of the role that owns the external table.","description_kind":"plain","computed":true},"partition_by":{"type":["list","string"],"description":"Specifies any partition columns to evaluate for the external table.","description_kind":"plain","optional":true},"pattern":{"type":"string","description":"Specifies the file names and/or paths on the external stage to match.","description_kind":"plain","optional":true},"refresh_on_create":{"type":"bool","description":"Specifies weather to refresh when an external table is created.","description_kind":"plain","optional":true},"schema":{"type":"string","description":"The schema in which to create the external table.","description_kind":"plain","required":true}},"block_types":{"column":{"nesting_mode":"list","block":{"attributes":{"as":{"type":"string","description":"String that specifies the expression for the column. When queried, the column returns results derived from this expression.","description_kind":"plain","required":true},"name":{"type":"string","description":"Column name","description_kind":"plain","required":true},"type":{"type":"string","description":"Column type, e.g. VARIANT","description_kind":"plain","required":true}},"description":"Definitions of a column to create in the external table. Minimum one required.","description_kind":"plain"},"min_items":1}},"description_kind":"plain"}},"snowflake_external_table_grant":{"version":0,"block":{"attributes":{"database_name":{"type":"string","description":"The name of the database containing the current or future external tables on which to grant privileges.","description_kind":"plain","required":true},"external_table_name":{"type":"string","description":"The name of the external table on which to grant privileges immediately (only valid if on_future is false).","description_kind":"plain","optional":true},"id":{"type":"string","description_kind":"plain","optional":true,"computed":true},"on_future":{"type":"bool","description":"When this is set to true and a schema_name is provided, apply this grant on all future external tables in the given schema. When this is true and no schema_name is provided apply this grant on all future external tables in the given database. The external_table_name and shares fields must be unset in order to use on_future.","description_kind":"plain","optional":true},"privilege":{"type":"string","description":"The privilege to grant on the current or future external table.","description_kind":"plain","optional":true},"roles":{"type":["set","string"],"description":"Grants privilege to these roles.","description_kind":"plain","optional":true},"schema_name":{"type":"string","description":"The name of the schema containing the current or future external tables on which to grant privileges.","description_kind":"plain","required":true},"shares":{"type":["set","string"],"description":"Grants privilege to these shares (only valid if on_future is false).","description_kind":"plain","optional":true},"with_grant_option":{"type":"bool","description":"When this is set to true, allows the recipient role to grant the privileges to other roles.","description_kind":"plain","optional":true}},"description_kind":"plain"}},"snowflake_file_format":{"version":0,"block":{"attributes":{"allow_duplicate":{"type":"bool","description":"Boolean that specifies to allow duplicate object field names (only the last one will be preserved).","description_kind":"plain","optional":true},"binary_as_text":{"type":"bool","description":"Boolean that specifies whether to interpret columns with no defined logical data type as UTF-8 text.","description_kind":"plain","optional":true},"binary_format":{"type":"string","description":"Defines the encoding format for binary input or output.","description_kind":"plain","optional":true},"comment":{"type":"string","description":"Specifies a comment for the file format.","description_kind":"plain","optional":true},"compression":{"type":"string","description":"Specifies the current compression algorithm for the data file.","description_kind":"plain","optional":true},"database":{"type":"string","description":"The database in which to create the file format.","description_kind":"plain","required":true},"date_format":{"type":"string","description":"Defines the format of date values in the data files (data loading) or table (data unloading).","description_kind":"plain","optional":true},"disable_auto_convert":{"type":"bool","description":"Boolean that specifies whether the XML parser disables automatic conversion of numeric and Boolean values from text to native representation.","description_kind":"plain","optional":true},"disable_snowflake_data":{"type":"bool","description":"Boolean that specifies whether the XML parser disables recognition of Snowflake semi-structured data tags.","description_kind":"plain","optional":true},"empty_field_as_null":{"type":"bool","description":"Specifies whether to insert SQL NULL for empty fields in an input file, which are represented by two successive delimiters.","description_kind":"plain","optional":true},"enable_octal":{"type":"bool","description":"Boolean that enables parsing of octal numbers.","description_kind":"plain","optional":true},"encoding":{"type":"string","description":"String (constant) that specifies the character set of the source data when loading data into a table.","description_kind":"plain","optional":true},"error_on_column_count_mismatch":{"type":"bool","description":"Boolean that specifies whether to generate a parsing error if the number of delimited columns (i.e. fields) in an input file does not match the number of columns in the corresponding table.","description_kind":"plain","optional":true},"escape":{"type":"string","description":"Single character string used as the escape character for field values.","description_kind":"plain","optional":true},"escape_unenclosed_field":{"type":"string","description":"Single character string used as the escape character for unenclosed field values only.","description_kind":"plain","optional":true},"field_delimiter":{"type":"string","description":"Specifies one or more singlebyte or multibyte characters that separate fields in an input file (data loading) or unloaded file (data unloading).","description_kind":"plain","optional":true},"field_optionally_enclosed_by":{"type":"string","description":"Character used to enclose strings.","description_kind":"plain","optional":true},"file_extension":{"type":"string","description":"Specifies the extension for files unloaded to a stage.","description_kind":"plain","optional":true},"format_type":{"type":"string","description":"Specifies the format of the input files (for data loading) or output files (for data unloading).","description_kind":"plain","required":true},"id":{"type":"string","description_kind":"plain","optional":true,"computed":true},"ignore_utf8_errors":{"type":"bool","description":"Boolean that specifies whether UTF-8 encoding errors produce error conditions.","description_kind":"plain","optional":true},"name":{"type":"string","description":"Specifies the identifier for the file format; must be unique for the database and schema in which the file format is created.","description_kind":"plain","required":true},"null_if":{"type":["list","string"],"description":"String used to convert to and from SQL NULL.","description_kind":"plain","optional":true},"preserve_space":{"type":"bool","description":"Boolean that specifies whether the XML parser preserves leading and trailing spaces in element content.","description_kind":"plain","optional":true},"record_delimiter":{"type":"string","description":"Specifies one or more singlebyte or multibyte characters that separate records in an input file (data loading) or unloaded file (data unloading).","description_kind":"plain","optional":true},"replace_invalid_characters":{"type":"bool","description":"Boolean that specifies whether to replace invalid UTF-8 characters with the Unicode replacement character (�).","description_kind":"plain","optional":true},"schema":{"type":"string","description":"The schema in which to create the file format.","description_kind":"plain","required":true},"skip_blank_lines":{"type":"bool","description":"Boolean that specifies to skip any blank lines encountered in the data files.","description_kind":"plain","optional":true},"skip_byte_order_mark":{"type":"bool","description":"Boolean that specifies whether to skip the BOM (byte order mark), if present in a data file.","description_kind":"plain","optional":true},"skip_header":{"type":"number","description":"Number of lines at the start of the file to skip.","description_kind":"plain","optional":true},"strip_null_values":{"type":"bool","description":"Boolean that instructs the JSON parser to remove object fields or array elements containing null values.","description_kind":"plain","optional":true},"strip_outer_array":{"type":"bool","description":"Boolean that instructs the JSON parser to remove outer brackets.","description_kind":"plain","optional":true},"strip_outer_element":{"type":"bool","description":"Boolean that specifies whether the XML parser strips out the outer XML element, exposing 2nd level elements as separate documents.","description_kind":"plain","optional":true},"time_format":{"type":"string","description":"Defines the format of time values in the data files (data loading) or table (data unloading).","description_kind":"plain","optional":true},"timestamp_format":{"type":"string","description":"Defines the format of timestamp values in the data files (data loading) or table (data unloading).","description_kind":"plain","optional":true},"trim_space":{"type":"bool","description":"Boolean that specifies whether to remove white space from fields.","description_kind":"plain","optional":true},"validate_utf8":{"type":"bool","description":"Boolean that specifies whether to validate UTF-8 character encoding in string column data.","description_kind":"plain","optional":true}},"description_kind":"plain"}},"snowflake_file_format_grant":{"version":0,"block":{"attributes":{"database_name":{"type":"string","description":"The name of the database containing the current or future file formats on which to grant privileges.","description_kind":"plain","required":true},"file_format_name":{"type":"string","description":"The name of the file format on which to grant privileges immediately (only valid if on_future is false).","description_kind":"plain","optional":true},"id":{"type":"string","description_kind":"plain","optional":true,"computed":true},"on_future":{"type":"bool","description":"When this is set to true and a schema_name is provided, apply this grant on all future file formats in the given schema. When this is true and no schema_name is provided apply this grant on all future file formats in the given database. The file_format_name field must be unset in order to use on_future.","description_kind":"plain","optional":true},"privilege":{"type":"string","description":"The privilege to grant on the current or future file format.","description_kind":"plain","optional":true},"roles":{"type":["set","string"],"description":"Grants privilege to these roles.","description_kind":"plain","optional":true},"schema_name":{"type":"string","description":"The name of the schema containing the current or future file formats on which to grant privileges.","description_kind":"plain","required":true},"with_grant_option":{"type":"bool","description":"When this is set to true, allows the recipient role to grant the privileges to other roles.","description_kind":"plain","optional":true}},"description_kind":"plain"}},"snowflake_function":{"version":0,"block":{"attributes":{"comment":{"type":"string","description":"Specifies a comment for the function.","description_kind":"plain","optional":true},"database":{"type":"string","description":"The database in which to create the function. Don't use the | character.","description_kind":"plain","required":true},"id":{"type":"string","description_kind":"plain","optional":true,"computed":true},"language":{"type":"string","description":"The language of the statement","description_kind":"plain","optional":true},"name":{"type":"string","description":"Specifies the identifier for the function; does not have to be unique for the schema in which the function is created. Don't use the | character.","description_kind":"plain","required":true},"null_input_behavior":{"type":"string","description":"Specifies the behavior of the function when called with null inputs.","description_kind":"plain","optional":true},"return_behavior":{"type":"string","description":"Specifies the behavior of the function when returning results","description_kind":"plain","optional":true},"return_type":{"type":"string","description":"The return type of the function","description_kind":"plain","required":true},"schema":{"type":"string","description":"The schema in which to create the function. Don't use the | character.","description_kind":"plain","required":true},"statement":{"type":"string","description":"Specifies the javascript / java / sql code used to create the function.","description_kind":"plain","required":true}},"block_types":{"arguments":{"nesting_mode":"list","block":{"attributes":{"name":{"type":"string","description":"The argument name","description_kind":"plain","required":true},"type":{"type":"string","description":"The argument type","description_kind":"plain","required":true}},"description":"List of the arguments for the function","description_kind":"plain"}}},"description_kind":"plain"}},"snowflake_function_grant":{"version":0,"block":{"attributes":{"database_name":{"type":"string","description":"The name of the database containing the current or future functions on which to grant privileges.","description_kind":"plain","required":true},"function_name":{"type":"string","description":"The name of the function on which to grant privileges immediately (only valid if on_future is false).","description_kind":"plain","optional":true},"id":{"type":"string","description_kind":"plain","optional":true,"computed":true},"on_future":{"type":"bool","description":"When this is set to true and a schema_name is provided, apply this grant on all future functions in the given schema. When this is true and no schema_name is provided apply this grant on all future functions in the given database. The function_name, arguments, return_type, and shares fields must be unset in order to use on_future.","description_kind":"plain","optional":true},"privilege":{"type":"string","description":"The privilege to grant on the current or future function.","description_kind":"plain","optional":true},"return_type":{"type":"string","description":"The return type of the function (must be present if function_name is present)","description_kind":"plain","optional":true},"roles":{"type":["set","string"],"description":"Grants privilege to these roles.","description_kind":"plain","optional":true},"schema_name":{"type":"string","description":"The name of the schema containing the current or future functions on which to grant privileges.","description_kind":"plain","required":true},"shares":{"type":["set","string"],"description":"Grants privilege to these shares (only valid if on_future is false).","description_kind":"plain","optional":true},"with_grant_option":{"type":"bool","description":"When this is set to true, allows the recipient role to grant the privileges to other roles.","description_kind":"plain","optional":true}},"block_types":{"arguments":{"nesting_mode":"list","block":{"attributes":{"name":{"type":"string","description":"The argument name","description_kind":"plain","required":true},"type":{"type":"string","description":"The argument type","description_kind":"plain","required":true}},"description":"List of the arguments for the function (must be present if function has arguments and function_name is present)","description_kind":"plain"}}},"description_kind":"plain"}},"snowflake_integration_grant":{"version":0,"block":{"attributes":{"id":{"type":"string","description_kind":"plain","optional":true,"computed":true},"integration_name":{"type":"string","description":"Identifier for the integration; must be unique for your account.","description_kind":"plain","required":true},"privilege":{"type":"string","description":"The privilege to grant on the integration.","description_kind":"plain","optional":true},"roles":{"type":["set","string"],"description":"Grants privilege to these roles.","description_kind":"plain","optional":true},"with_grant_option":{"type":"bool","description":"When this is set to true, allows the recipient role to grant the privileges to other roles.","description_kind":"plain","optional":true}},"description_kind":"plain"}},"snowflake_managed_account":{"version":0,"block":{"attributes":{"admin_name":{"type":"string","description":"Identifier, as well as login name, for the initial user in the managed account. This user serves as the account administrator for the account.","description_kind":"plain","required":true},"admin_password":{"type":"string","description":"Password for the initial user in the managed account.","description_kind":"plain","required":true,"sensitive":true},"cloud":{"type":"string","description":"Cloud in which the managed account is located.","description_kind":"plain","computed":true},"comment":{"type":"string","description":"Specifies a comment for the managed account.","description_kind":"plain","optional":true},"created_on":{"type":"string","description":"Date and time when the managed account was created.","description_kind":"plain","computed":true},"id":{"type":"string","description_kind":"plain","optional":true,"computed":true},"locator":{"type":"string","description":"Display name of the managed account.","description_kind":"plain","computed":true},"name":{"type":"string","description":"Identifier for the managed account; must be unique for your account.","description_kind":"plain","required":true},"region":{"type":"string","description":"Snowflake Region in which the managed account is located.","description_kind":"plain","computed":true},"type":{"type":"string","description":"Specifies the type of managed account.","description_kind":"plain","optional":true},"url":{"type":"string","description":"URL for accessing the managed account, particularly through the web interface.","description_kind":"plain","computed":true}},"description_kind":"plain"}},"snowflake_masking_policy":{"version":0,"block":{"attributes":{"comment":{"type":"string","description":"Specifies a comment for the masking policy.","description_kind":"plain","optional":true},"database":{"type":"string","description":"The database in which to create the masking policy.","description_kind":"plain","required":true},"id":{"type":"string","description_kind":"plain","optional":true,"computed":true},"masking_expression":{"type":"string","description":"Specifies the SQL expression that transforms the data.","description_kind":"plain","required":true},"name":{"type":"string","description":"Specifies the identifier for the masking policy; must be unique for the database and schema in which the masking policy is created.","description_kind":"plain","required":true},"return_data_type":{"type":"string","description":"Specifies the data type to return.","description_kind":"plain","required":true},"schema":{"type":"string","description":"The schema in which to create the masking policy.","description_kind":"plain","required":true},"value_data_type":{"type":"string","description":"Specifies the data type to mask.","description_kind":"plain","required":true}},"description_kind":"plain"}},"snowflake_masking_policy_grant":{"version":0,"block":{"attributes":{"database_name":{"type":"string","description":"The name of the database containing the masking policy on which to grant privileges.","description_kind":"plain","required":true},"id":{"type":"string","description_kind":"plain","optional":true,"computed":true},"masking_policy_name":{"type":"string","description":"The name of the masking policy on which to grant privileges immediately.","description_kind":"plain","required":true},"privilege":{"type":"string","description":"The privilege to grant on the masking policy.","description_kind":"plain","optional":true},"roles":{"type":["set","string"],"description":"Grants privilege to these roles.","description_kind":"plain","optional":true},"schema_name":{"type":"string","description":"The name of the schema containing the masking policy on which to grant privileges.","description_kind":"plain","required":true},"with_grant_option":{"type":"bool","description":"When this is set to true, allows the recipient role to grant the privileges to other roles.","description_kind":"plain","optional":true}},"description_kind":"plain"}},"snowflake_materialized_view":{"version":0,"block":{"attributes":{"comment":{"type":"string","description":"Specifies a comment for the view.","description_kind":"plain","optional":true},"database":{"type":"string","description":"The database in which to create the view. Don't use the | character.","description_kind":"plain","required":true},"id":{"type":"string","description_kind":"plain","optional":true,"computed":true},"is_secure":{"type":"bool","description":"Specifies that the view is secure.","description_kind":"plain","optional":true},"name":{"type":"string","description":"Specifies the identifier for the view; must be unique for the schema in which the view is created.","description_kind":"plain","required":true},"or_replace":{"type":"bool","description":"Overwrites the View if it exists.","description_kind":"plain","optional":true},"schema":{"type":"string","description":"The schema in which to create the view. Don't use the | character.","description_kind":"plain","required":true},"statement":{"type":"string","description":"Specifies the query used to create the view.","description_kind":"plain","required":true},"warehouse":{"type":"string","description":"The warehouse name.","description_kind":"plain","required":true}},"description_kind":"plain"}},"snowflake_materialized_view_grant":{"version":0,"block":{"attributes":{"database_name":{"type":"string","description":"The name of the database containing the current or future materialized views on which to grant privileges.","description_kind":"plain","required":true},"id":{"type":"string","description_kind":"plain","optional":true,"computed":true},"materialized_view_name":{"type":"string","description":"The name of the materialized view on which to grant privileges immediately (only valid if on_future is false).","description_kind":"plain","optional":true},"on_future":{"type":"bool","description":"When this is set to true and a schema_name is provided, apply this grant on all future materialized views in the given schema. When this is true and no schema_name is provided apply this grant on all future materialized views in the given database. The materialized_view_name and shares fields must be unset in order to use on_future.","description_kind":"plain","optional":true},"privilege":{"type":"string","description":"The privilege to grant on the current or future materialized view view.","description_kind":"plain","optional":true},"roles":{"type":["set","string"],"description":"Grants privilege to these roles.","description_kind":"plain","optional":true},"schema_name":{"type":"string","description":"The name of the schema containing the current or future materialized views on which to grant privileges.","description_kind":"plain","optional":true},"shares":{"type":["set","string"],"description":"Grants privilege to these shares (only valid if on_future is false).","description_kind":"plain","optional":true},"with_grant_option":{"type":"bool","description":"When this is set to true, allows the recipient role to grant the privileges to other roles.","description_kind":"plain","optional":true}},"description_kind":"plain"}},"snowflake_network_policy":{"version":0,"block":{"attributes":{"allowed_ip_list":{"type":["set","string"],"description":"Specifies one or more IPv4 addresses (CIDR notation) that are allowed access to your Snowflake account","description_kind":"plain","required":true},"blocked_ip_list":{"type":["set","string"],"description":"Specifies one or more IPv4 addresses (CIDR notation) that are denied access to your Snowflake account\u003cbr\u003e\u003cbr\u003e**Do not** add `0.0.0.0/0` to `blocked_ip_list`","description_kind":"plain","optional":true},"comment":{"type":"string","description":"Specifies a comment for the network policy.","description_kind":"plain","optional":true},"id":{"type":"string","description_kind":"plain","optional":true,"computed":true},"name":{"type":"string","description":"Specifies the identifier for the network policy; must be unique for the account in which the network policy is created.","description_kind":"plain","required":true}},"description_kind":"plain"}},"snowflake_network_policy_attachment":{"version":0,"block":{"attributes":{"id":{"type":"string","description_kind":"plain","optional":true,"computed":true},"network_policy_name":{"type":"string","description":"Specifies the identifier for the network policy; must be unique for the account in which the network policy is created.","description_kind":"plain","required":true},"set_for_account":{"type":"bool","description":"Specifies whether the network policy should be applied globally to your Snowflake account\u003cbr\u003e\u003cbr\u003e**Note:** The Snowflake user running `terraform apply` must be on an IP address allowed by the network policy to set that policy globally on the Snowflake account.\u003cbr\u003e\u003cbr\u003eAdditionally, a Snowflake account can only have one network policy set globally at any given time. This resource does not enforce one-policy-per-account, it is the user's responsibility to enforce this. If multiple network policy resources have `set_for_account: true`, the final policy set on the account will be non-deterministic.","description_kind":"plain","optional":true},"users":{"type":["set","string"],"description":"Specifies which users the network policy should be attached to","description_kind":"plain","optional":true}},"description_kind":"plain"}},"snowflake_notification_integration":{"version":0,"block":{"attributes":{"aws_sqs_arn":{"type":"string","description":"AWS SQS queue ARN for notification integration to connect to","description_kind":"plain","optional":true},"aws_sqs_external_id":{"type":"string","description":"The external ID that Snowflake will use when assuming the AWS role","description_kind":"plain","computed":true},"aws_sqs_iam_user_arn":{"type":"string","description":"The Snowflake user that will attempt to assume the AWS role.","description_kind":"plain","computed":true},"aws_sqs_role_arn":{"type":"string","description":"AWS IAM role ARN for notification integration to assume","description_kind":"plain","optional":true},"azure_storage_queue_primary_uri":{"type":"string","description":"The queue ID for the Azure Queue Storage queue created for Event Grid notifications","description_kind":"plain","optional":true},"azure_tenant_id":{"type":"string","description":"The ID of the Azure Active Directory tenant used for identity management","description_kind":"plain","optional":true},"comment":{"type":"string","description_kind":"plain","optional":true},"created_on":{"type":"string","description":"Date and time when the notification integration was created.","description_kind":"plain","computed":true},"direction":{"type":"string","description":"Direction of the cloud messaging with respect to Snowflake (required only for error notifications)","description_kind":"plain","optional":true},"enabled":{"type":"bool","description_kind":"plain","optional":true},"gcp_pubsub_subscription_name":{"type":"string","description":"The subscription id that Snowflake will listen to when using the GCP_PUBSUB provider.","description_kind":"plain","optional":true},"id":{"type":"string","description_kind":"plain","optional":true,"computed":true},"name":{"type":"string","description_kind":"plain","required":true},"notification_provider":{"type":"string","description":"The third-party cloud message queuing service (e.g. AZURE_STORAGE_QUEUE, AWS_SQS)","description_kind":"plain","optional":true},"type":{"type":"string","description":"A type of integration","description_kind":"plain","optional":true}},"description_kind":"plain"}},"snowflake_pipe":{"version":0,"block":{"attributes":{"auto_ingest":{"type":"bool","description":"Specifies a auto_ingest param for the pipe.","description_kind":"plain","optional":true},"aws_sns_topic_arn":{"type":"string","description":"Specifies the Amazon Resource Name (ARN) for the SNS topic for your S3 bucket.","description_kind":"plain","optional":true},"comment":{"type":"string","description":"Specifies a comment for the pipe.","description_kind":"plain","optional":true},"copy_statement":{"type":"string","description":"Specifies the copy statement for the pipe.","description_kind":"plain","required":true},"database":{"type":"string","description":"The database in which to create the pipe.","description_kind":"plain","required":true},"error_integration":{"type":"string","description":"Specifies the name of the notification integration used for error notifications.","description_kind":"plain","optional":true},"id":{"type":"string","description_kind":"plain","optional":true,"computed":true},"integration":{"type":"string","description":"Specifies an integration for the pipe.","description_kind":"plain","optional":true},"name":{"type":"string","description":"Specifies the identifier for the pipe; must be unique for the database and schema in which the pipe is created.","description_kind":"plain","required":true},"notification_channel":{"type":"string","description":"Amazon Resource Name of the Amazon SQS queue for the stage named in the DEFINITION column.","description_kind":"plain","computed":true},"owner":{"type":"string","description":"Name of the role that owns the pipe.","description_kind":"plain","computed":true},"schema":{"type":"string","description":"The schema in which to create the pipe.","description_kind":"plain","required":true}},"description_kind":"plain"}},"snowflake_pipe_grant":{"version":0,"block":{"attributes":{"database_name":{"type":"string","description":"The name of the database containing the current or future pipes on which to grant privileges.","description_kind":"plain","required":true},"id":{"type":"string","description_kind":"plain","optional":true,"computed":true},"on_future":{"type":"bool","description":"When this is set to true and a schema_name is provided, apply this grant on all future pipes in the given schema. When this is true and no schema_name is provided apply this grant on all future pipes in the given database. The pipe_name field must be unset in order to use on_future.","description_kind":"plain","optional":true},"pipe_name":{"type":"string","description":"The name of the pipe on which to grant privileges immediately (only valid if on_future is false).","description_kind":"plain","optional":true},"privilege":{"type":"string","description":"The privilege to grant on the current or future pipe.","description_kind":"plain","optional":true},"roles":{"type":["set","string"],"description":"Grants privilege to these roles.","description_kind":"plain","optional":true},"schema_name":{"type":"string","description":"The name of the schema containing the current or future pipes on which to grant privileges.","description_kind":"plain","required":true},"with_grant_option":{"type":"bool","description":"When this is set to true, allows the recipient role to grant the privileges to other roles.","description_kind":"plain","optional":true}},"description_kind":"plain"}},"snowflake_procedure":{"version":0,"block":{"attributes":{"comment":{"type":"string","description":"Specifies a comment for the procedure.","description_kind":"plain","optional":true},"database":{"type":"string","description":"The database in which to create the procedure. Don't use the | character.","description_kind":"plain","required":true},"execute_as":{"type":"string","description":"Sets execute context - see caller's rights and owner's rights","description_kind":"plain","optional":true},"id":{"type":"string","description_kind":"plain","optional":true,"computed":true},"name":{"type":"string","description":"Specifies the identifier for the procedure; does not have to be unique for the schema in which the procedure is created. Don't use the | character.","description_kind":"plain","required":true},"null_input_behavior":{"type":"string","description":"Specifies the behavior of the procedure when called with null inputs.","description_kind":"plain","optional":true},"return_behavior":{"type":"string","description":"Specifies the behavior of the function when returning results","description_kind":"plain","optional":true},"return_type":{"type":"string","description":"The return type of the procedure","description_kind":"plain","required":true},"schema":{"type":"string","description":"The schema in which to create the procedure. Don't use the | character.","description_kind":"plain","required":true},"statement":{"type":"string","description":"Specifies the javascript code used to create the procedure.","description_kind":"plain","required":true}},"block_types":{"arguments":{"nesting_mode":"list","block":{"attributes":{"name":{"type":"string","description":"The argument name","description_kind":"plain","required":true},"type":{"type":"string","description":"The argument type","description_kind":"plain","required":true}},"description":"List of the arguments for the procedure","description_kind":"plain"}}},"description_kind":"plain"}},"snowflake_procedure_grant":{"version":0,"block":{"attributes":{"database_name":{"type":"string","description":"The name of the database containing the current or future procedures on which to grant privileges.","description_kind":"plain","required":true},"id":{"type":"string","description_kind":"plain","optional":true,"computed":true},"on_future":{"type":"bool","description":"When this is set to true and a schema_name is provided, apply this grant on all future procedures in the given schema. When this is true and no schema_name is provided apply this grant on all future procedures in the given database. The procedure_name and shares fields must be unset in order to use on_future.","description_kind":"plain","optional":true},"privilege":{"type":"string","description":"The privilege to grant on the current or future procedure.","description_kind":"plain","optional":true},"procedure_name":{"type":"string","description":"The name of the procedure on which to grant privileges immediately (only valid if on_future is false).","description_kind":"plain","optional":true},"return_type":{"type":"string","description":"The return type of the procedure (must be present if procedure_name is present)","description_kind":"plain","optional":true},"roles":{"type":["set","string"],"description":"Grants privilege to these roles.","description_kind":"plain","optional":true},"schema_name":{"type":"string","description":"The name of the schema containing the current or future procedures on which to grant privileges.","description_kind":"plain","required":true},"shares":{"type":["set","string"],"description":"Grants privilege to these shares (only valid if on_future is false).","description_kind":"plain","optional":true},"with_grant_option":{"type":"bool","description":"When this is set to true, allows the recipient role to grant the privileges to other roles.","description_kind":"plain","optional":true}},"block_types":{"arguments":{"nesting_mode":"list","block":{"attributes":{"name":{"type":"string","description":"The argument name","description_kind":"plain","required":true},"type":{"type":"string","description":"The argument type","description_kind":"plain","required":true}},"description":"List of the arguments for the procedure (must be present if procedure has arguments and procedure_name is present)","description_kind":"plain"}}},"description_kind":"plain"}},"snowflake_resource_monitor":{"version":0,"block":{"attributes":{"credit_quota":{"type":"number","description":"The number of credits allocated monthly to the resource monitor.","description_kind":"plain","optional":true,"computed":true},"end_timestamp":{"type":"string","description":"The date and time when the resource monitor suspends the assigned warehouses.","description_kind":"plain","optional":true},"frequency":{"type":"string","description":"The frequency interval at which the credit usage resets to 0. If you set a frequency for a resource monitor, you must also set START_TIMESTAMP.","description_kind":"plain","optional":true,"computed":true},"id":{"type":"string","description_kind":"plain","optional":true,"computed":true},"name":{"type":"string","description":"Identifier for the resource monitor; must be unique for your account.","description_kind":"plain","required":true},"notify_triggers":{"type":["set","number"],"description":"A list of percentage thresholds at which to send an alert to subscribed users.","description_kind":"plain","optional":true},"start_timestamp":{"type":"string","description":"The date and time when the resource monitor starts monitoring credit usage for the assigned warehouses.","description_kind":"plain","optional":true,"computed":true},"suspend_immediate_triggers":{"type":["set","number"],"description":"A list of percentage thresholds at which to immediately suspend all warehouses.","description_kind":"plain","optional":true},"suspend_triggers":{"type":["set","number"],"description":"A list of percentage thresholds at which to suspend all warehouses.","description_kind":"plain","optional":true}},"description_kind":"plain"}},"snowflake_resource_monitor_grant":{"version":0,"block":{"attributes":{"id":{"type":"string","description_kind":"plain","optional":true,"computed":true},"monitor_name":{"type":"string","description":"Identifier for the resource monitor; must be unique for your account.","description_kind":"plain","required":true},"privilege":{"type":"string","description":"The privilege to grant on the resource monitor.","description_kind":"plain","optional":true},"roles":{"type":["set","string"],"description":"Grants privilege to these roles.","description_kind":"plain","optional":true},"with_grant_option":{"type":"bool","description":"When this is set to true, allows the recipient role to grant the privileges to other roles.","description_kind":"plain","optional":true}},"description_kind":"plain"}},"snowflake_role":{"version":0,"block":{"attributes":{"comment":{"type":"string","description_kind":"plain","optional":true},"id":{"type":"string","description_kind":"plain","optional":true,"computed":true},"name":{"type":"string","description_kind":"plain","required":true}},"description_kind":"plain"}},"snowflake_role_grants":{"version":0,"block":{"attributes":{"id":{"type":"string","description_kind":"plain","optional":true,"computed":true},"role_name":{"type":"string","description":"The name of the role we are granting.","description_kind":"plain","required":true},"roles":{"type":["set","string"],"description":"Grants role to this specified role.","description_kind":"plain","optional":true},"users":{"type":["set","string"],"description":"Grants role to this specified user.","description_kind":"plain","optional":true}},"description_kind":"plain"}},"snowflake_row_access_policy":{"version":0,"block":{"attributes":{"comment":{"type":"string","description":"Specifies a comment for the row access policy.","description_kind":"plain","optional":true},"database":{"type":"string","description":"The database in which to create the row access policy.","description_kind":"plain","required":true},"id":{"type":"string","description_kind":"plain","optional":true,"computed":true},"name":{"type":"string","description":"Specifies the identifier for the row access policy; must be unique for the database and schema in which the row access policy is created.","description_kind":"plain","required":true},"row_access_expression":{"type":"string","description":"Specifies the SQL expression. The expression can be any boolean-valued SQL expression.","description_kind":"plain","required":true},"schema":{"type":"string","description":"The schema in which to create the row access policy.","description_kind":"plain","required":true},"signature":{"type":["map","string"],"description":"Specifies signature (arguments) for the row access policy (uppercase and sorted to avoid recreation of resource). A signature specifies a set of attributes that must be considered to determine whether the row is accessible. The attribute values come from the database object (e.g. table or view) to be protected by the row access policy.","description_kind":"plain","required":true}},"description_kind":"plain"}},"snowflake_row_access_policy_grant":{"version":0,"block":{"attributes":{"database_name":{"type":"string","description":"The name of the database containing the row access policy on which to grant privileges.","description_kind":"plain","required":true},"id":{"type":"string","description_kind":"plain","optional":true,"computed":true},"privilege":{"type":"string","description":"The privilege to grant on the row access policy.","description_kind":"plain","optional":true},"roles":{"type":["set","string"],"description":"Grants privilege to these roles.","description_kind":"plain","optional":true},"row_access_policy_name":{"type":"string","description":"The name of the row access policy on which to grant privileges immediately.","description_kind":"plain","required":true},"schema_name":{"type":"string","description":"The name of the schema containing the row access policy on which to grant privileges.","description_kind":"plain","required":true},"with_grant_option":{"type":"bool","description":"When this is set to true, allows the recipient role to grant the privileges to other roles.","description_kind":"plain","optional":true}},"description_kind":"plain"}},"snowflake_schema":{"version":0,"block":{"attributes":{"comment":{"type":"string","description":"Specifies a comment for the schema.","description_kind":"plain","optional":true},"data_retention_days":{"type":"number","description":"Specifies the number of days for which Time Travel actions (CLONE and UNDROP) can be performed on the schema, as well as specifying the default Time Travel retention time for all tables created in the schema.","description_kind":"plain","optional":true},"database":{"type":"string","description":"The database in which to create the schema.","description_kind":"plain","required":true},"id":{"type":"string","description_kind":"plain","optional":true,"computed":true},"is_managed":{"type":"bool","description":"Specifies a managed schema. Managed access schemas centralize privilege management with the schema owner.","description_kind":"plain","optional":true},"is_transient":{"type":"bool","description":"Specifies a schema as transient. Transient schemas do not have a Fail-safe period so they do not incur additional storage costs once they leave Time Travel; however, this means they are also not protected by Fail-safe in the event of a data loss.","description_kind":"plain","optional":true},"name":{"type":"string","description":"Specifies the identifier for the schema; must be unique for the database in which the schema is created.","description_kind":"plain","required":true}},"description_kind":"plain"}},"snowflake_schema_grant":{"version":0,"block":{"attributes":{"database_name":{"type":"string","description":"The name of the database containing the schema on which to grant privileges.","description_kind":"plain","required":true},"id":{"type":"string","description_kind":"plain","optional":true,"computed":true},"on_future":{"type":"bool","description":"When this is set to true, apply this grant on all future schemas in the given database. The schema_name and shares fields must be unset in order to use on_future.","description_kind":"plain","optional":true},"privilege":{"type":"string","description":"The privilege to grant on the current or future schema. Note that if \"OWNERSHIP\" is specified, ensure that the role that terraform is using is granted access.","description_kind":"plain","optional":true},"roles":{"type":["set","string"],"description":"Grants privilege to these roles.","description_kind":"plain","optional":true},"schema_name":{"type":"string","description":"The name of the schema on which to grant privileges.","description_kind":"plain","optional":true},"shares":{"type":["set","string"],"description":"Grants privilege to these shares (only valid if on_future is unset).","description_kind":"plain","optional":true},"with_grant_option":{"type":"bool","description":"When this is set to true, allows the recipient role to grant the privileges to other roles.","description_kind":"plain","optional":true}},"description_kind":"plain"}},"snowflake_scim_integration":{"version":0,"block":{"attributes":{"created_on":{"type":"string","description":"Date and time when the SCIM integration was created.","description_kind":"plain","computed":true},"id":{"type":"string","description_kind":"plain","optional":true,"computed":true},"name":{"type":"string","description":"Specifies the name of the SCIM integration. This name follows the rules for Object Identifiers. The name should be unique among security integrations in your account.","description_kind":"plain","required":true},"network_policy":{"type":"string","description":"Specifies an existing network policy active for your account. The network policy restricts the list of user IP addresses when exchanging an authorization code for an access or refresh token and when using a refresh token to obtain a new access token. If this parameter is not set, the network policy for the account (if any) is used instead.","description_kind":"plain","optional":true},"provisioner_role":{"type":"string","description":"Specify the SCIM role in Snowflake that owns any users and roles that are imported from the identity provider into Snowflake using SCIM.","description_kind":"plain","required":true},"scim_client":{"type":"string","description":"Specifies the client type for the scim integration","description_kind":"plain","required":true}},"description_kind":"plain"}},"snowflake_sequence":{"version":0,"block":{"attributes":{"comment":{"type":"string","description":"Specifies a comment for the sequence.","description_kind":"plain","optional":true},"database":{"type":"string","description":"The database in which to create the sequence. Don't use the | character.","description_kind":"plain","required":true},"fully_qualified_name":{"type":"string","description":"The fully qualified name of the sequence.","description_kind":"plain","computed":true},"id":{"type":"string","description_kind":"plain","optional":true,"computed":true},"increment":{"type":"number","description":"The amount the sequence will increase by each time it is used","description_kind":"plain","optional":true},"name":{"type":"string","description":"Specifies the name for the sequence.","description_kind":"plain","required":true},"schema":{"type":"string","description":"The schema in which to create the sequence. Don't use the | character.","description_kind":"plain","required":true}},"description_kind":"plain"}},"snowflake_sequence_grant":{"version":0,"block":{"attributes":{"database_name":{"type":"string","description":"The name of the database containing the current or future sequences on which to grant privileges.","description_kind":"plain","required":true},"id":{"type":"string","description_kind":"plain","optional":true,"computed":true},"on_future":{"type":"bool","description":"When this is set to true and a schema_name is provided, apply this grant on all future sequences in the given schema. When this is true and no schema_name is provided apply this grant on all future sequences in the given database. The sequence_name field must be unset in order to use on_future.","description_kind":"plain","optional":true},"privilege":{"type":"string","description":"The privilege to grant on the current or future sequence.","description_kind":"plain","optional":true},"roles":{"type":["set","string"],"description":"Grants privilege to these roles.","description_kind":"plain","optional":true},"schema_name":{"type":"string","description":"The name of the schema containing the current or future sequences on which to grant privileges.","description_kind":"plain","required":true},"sequence_name":{"type":"string","description":"The name of the sequence on which to grant privileges immediately (only valid if on_future is false).","description_kind":"plain","optional":true},"with_grant_option":{"type":"bool","description":"When this is set to true, allows the recipient role to grant the privileges to other roles.","description_kind":"plain","optional":true}},"description_kind":"plain"}},"snowflake_share":{"version":0,"block":{"attributes":{"accounts":{"type":["list","string"],"description":"A list of accounts to be added to the share.","description_kind":"plain","optional":true},"comment":{"type":"string","description":"Specifies a comment for the managed account.","description_kind":"plain","optional":true},"id":{"type":"string","description_kind":"plain","optional":true,"computed":true},"name":{"type":"string","description":"Specifies the identifier for the share; must be unique for the account in which the share is created.","description_kind":"plain","required":true}},"description_kind":"plain"}},"snowflake_stage":{"version":0,"block":{"attributes":{"aws_external_id":{"type":"string","description_kind":"plain","optional":true,"computed":true},"comment":{"type":"string","description":"Specifies a comment for the stage.","description_kind":"plain","optional":true},"copy_options":{"type":"string","description":"Specifies the copy options for the stage.","description_kind":"plain","optional":true},"credentials":{"type":"string","description":"Specifies the credentials for the stage.","description_kind":"plain","optional":true,"sensitive":true},"database":{"type":"string","description":"The database in which to create the stage.","description_kind":"plain","required":true},"encryption":{"type":"string","description":"Specifies the encryption settings for the stage.","description_kind":"plain","optional":true},"file_format":{"type":"string","description":"Specifies the file format for the stage.","description_kind":"plain","optional":true},"id":{"type":"string","description_kind":"plain","optional":true,"computed":true},"name":{"type":"string","description":"Specifies the identifier for the stage; must be unique for the database and schema in which the stage is created.","description_kind":"plain","required":true},"schema":{"type":"string","description":"The schema in which to create the stage.","description_kind":"plain","required":true},"snowflake_iam_user":{"type":"string","description_kind":"plain","optional":true,"computed":true},"storage_integration":{"type":"string","description":"Specifies the name of the storage integration used to delegate authentication responsibility for external cloud storage to a Snowflake identity and access management (IAM) entity.","description_kind":"plain","optional":true},"url":{"type":"string","description":"Specifies the URL for the stage.","description_kind":"plain","optional":true}},"description_kind":"plain"}},"snowflake_stage_grant":{"version":0,"block":{"attributes":{"database_name":{"type":"string","description":"The name of the database containing the current stage on which to grant privileges.","description_kind":"plain","required":true},"id":{"type":"string","description_kind":"plain","optional":true,"computed":true},"on_future":{"type":"bool","description":"When this is set to true and a schema_name is provided, apply this grant on all future stages in the given schema. When this is true and no schema_name is provided apply this grant on all future stages in the given database. The stage_name and shares fields must be unset in order to use on_future.","description_kind":"plain","optional":true},"privilege":{"type":"string","description":"The privilege to grant on the stage.","description_kind":"plain","optional":true},"roles":{"type":["set","string"],"description":"Grants privilege to these roles.","description_kind":"plain","optional":true},"schema_name":{"type":"string","description":"The name of the schema containing the current stage on which to grant privileges.","description_kind":"plain","required":true},"shares":{"type":["set","string"],"description":"Grants privilege to these shares (only valid if on_future is false).","description_kind":"plain","optional":true},"stage_name":{"type":"string","description":"The name of the stage on which to grant privilege (only valid if on_future is false).","description_kind":"plain","optional":true},"with_grant_option":{"type":"bool","description":"When this is set to true, allows the recipient role to grant the privileges to other roles.","description_kind":"plain","optional":true}},"description_kind":"plain"}},"snowflake_storage_integration":{"version":0,"block":{"attributes":{"azure_consent_url":{"type":"string","description":"The consent URL that is used to create an Azure Snowflake service principle inside your tenant.","description_kind":"plain","computed":true},"azure_multi_tenant_app_name":{"type":"string","description":"This is the name of the Snowflake client application created for your account.","description_kind":"plain","computed":true},"azure_tenant_id":{"type":"string","description_kind":"plain","optional":true},"comment":{"type":"string","description_kind":"plain","optional":true},"created_on":{"type":"string","description":"Date and time when the storage integration was created.","description_kind":"plain","computed":true},"enabled":{"type":"bool","description_kind":"plain","optional":true},"id":{"type":"string","description_kind":"plain","optional":true,"computed":true},"name":{"type":"string","description_kind":"plain","required":true},"storage_allowed_locations":{"type":["list","string"],"description":"Explicitly limits external stages that use the integration to reference one or more storage locations.","description_kind":"plain","required":true},"storage_aws_external_id":{"type":"string","description":"The external ID that Snowflake will use when assuming the AWS role.","description_kind":"plain","computed":true},"storage_aws_iam_user_arn":{"type":"string","description":"The Snowflake user that will attempt to assume the AWS role.","description_kind":"plain","computed":true},"storage_aws_role_arn":{"type":"string","description_kind":"plain","optional":true},"storage_blocked_locations":{"type":["list","string"],"description":"Explicitly prohibits external stages that use the integration from referencing one or more storage locations.","description_kind":"plain","optional":true},"storage_gcp_service_account":{"type":"string","description":"This is the name of the Snowflake Google Service Account created for your account.","description_kind":"plain","computed":true},"storage_provider":{"type":"string","description_kind":"plain","required":true},"type":{"type":"string","description_kind":"plain","optional":true}},"description_kind":"plain"}},"snowflake_stream":{"version":0,"block":{"attributes":{"append_only":{"type":"bool","description":"Type of the stream that will be created.","description_kind":"plain","optional":true},"comment":{"type":"string","description":"Specifies a comment for the stream.","description_kind":"plain","optional":true},"database":{"type":"string","description":"The database in which to create the stream.","description_kind":"plain","required":true},"id":{"type":"string","description_kind":"plain","optional":true,"computed":true},"insert_only":{"type":"bool","description":"Create an insert only stream type.","description_kind":"plain","optional":true},"name":{"type":"string","description":"Specifies the identifier for the stream; must be unique for the database and schema in which the stream is created.","description_kind":"plain","required":true},"on_table":{"type":"string","description":"Name of the table the stream will monitor.","description_kind":"plain","optional":true},"owner":{"type":"string","description":"Name of the role that owns the stream.","description_kind":"plain","computed":true},"schema":{"type":"string","description":"The schema in which to create the stream.","description_kind":"plain","required":true},"show_initial_rows":{"type":"bool","description":"Specifies whether to return all existing rows in the source table as row inserts the first time the stream is consumed.","description_kind":"plain","optional":true}},"description_kind":"plain"}},"snowflake_stream_grant":{"version":0,"block":{"attributes":{"database_name":{"type":"string","description":"The name of the database containing the current or future streams on which to grant privileges.","description_kind":"plain","required":true},"id":{"type":"string","description_kind":"plain","optional":true,"computed":true},"on_future":{"type":"bool","description":"When this is set to true and a schema_name is provided, apply this grant on all future streams in the given schema. When this is true and no schema_name is provided apply this grant on all future streams in the given database. The stream_name field must be unset in order to use on_future.","description_kind":"plain","optional":true},"privilege":{"type":"string","description":"The privilege to grant on the current or future stream.","description_kind":"plain","optional":true},"roles":{"type":["set","string"],"description":"Grants privilege to these roles.","description_kind":"plain","optional":true},"schema_name":{"type":"string","description":"The name of the schema containing the current or future streams on which to grant privileges.","description_kind":"plain","required":true},"stream_name":{"type":"string","description":"The name of the stream on which to grant privileges immediately (only valid if on_future is false).","description_kind":"plain","optional":true},"with_grant_option":{"type":"bool","description":"When this is set to true, allows the recipient role to grant the privileges to other roles.","description_kind":"plain","optional":true}},"description_kind":"plain"}},"snowflake_table":{"version":0,"block":{"attributes":{"change_tracking":{"type":"bool","description":"Specifies whether to enable change tracking on the table. Default false.","description_kind":"plain","optional":true},"cluster_by":{"type":["list","string"],"description":"A list of one or more table columns/expressions to be used as clustering key(s) for the table","description_kind":"plain","optional":true},"comment":{"type":"string","description":"Specifies a comment for the table.","description_kind":"plain","optional":true},"data_retention_days":{"type":"number","description":"Specifies the retention period for the table so that Time Travel actions (SELECT, CLONE, UNDROP) can be performed on historical data in the table. Default value is 1, if you wish to inherit the parent schema setting then pass in the schema attribute to this argument.","description_kind":"plain","optional":true},"database":{"type":"string","description":"The database in which to create the table.","description_kind":"plain","required":true},"id":{"type":"string","description_kind":"plain","optional":true,"computed":true},"name":{"type":"string","description":"Specifies the identifier for the table; must be unique for the database and schema in which the table is created.","description_kind":"plain","required":true},"owner":{"type":"string","description":"Name of the role that owns the table.","description_kind":"plain","computed":true},"schema":{"type":"string","description":"The schema in which to create the table.","description_kind":"plain","required":true}},"block_types":{"column":{"nesting_mode":"list","block":{"attributes":{"comment":{"type":"string","description":"Column comment","description_kind":"plain","optional":true},"name":{"type":"string","description":"Column name","description_kind":"plain","required":true},"nullable":{"type":"bool","description":"Whether this column can contain null values. **Note**: Depending on your Snowflake version, the default value will not suffice if this column is used in a primary key constraint.","description_kind":"plain","optional":true},"type":{"type":"string","description":"Column type, e.g. VARIANT","description_kind":"plain","required":true}},"block_types":{"default":{"nesting_mode":"list","block":{"attributes":{"constant":{"type":"string","description":"The default constant value for the column","description_kind":"plain","optional":true},"expression":{"type":"string","description":"The default expression value for the column","description_kind":"plain","optional":true},"sequence":{"type":"string","description":"The default sequence to use for the column","description_kind":"plain","optional":true}},"description":"Defines the column default value; note due to limitations of Snowflake's ALTER TABLE ADD/MODIFY COLUMN updates to default will not be applied","description_kind":"plain"},"max_items":1}},"description":"Definitions of a column to create in the table. Minimum one required.","description_kind":"plain"},"min_items":1},"primary_key":{"nesting_mode":"list","block":{"attributes":{"keys":{"type":["list","string"],"description":"Columns to use in primary key","description_kind":"plain","required":true},"name":{"type":"string","description":"Name of constraint","description_kind":"plain","optional":true}},"description":"Definitions of primary key constraint to create on table","description_kind":"plain"},"max_items":1}},"description_kind":"plain"}},"snowflake_table_grant":{"version":0,"block":{"attributes":{"database_name":{"type":"string","description":"The name of the database containing the current or future tables on which to grant privileges.","description_kind":"plain","required":true},"id":{"type":"string","description_kind":"plain","optional":true,"computed":true},"on_future":{"type":"bool","description":"When this is set to true and a schema_name is provided, apply this grant on all future tables in the given schema. When this is true and no schema_name is provided apply this grant on all future tables in the given database. The table_name and shares fields must be unset in order to use on_future.","description_kind":"plain","optional":true},"privilege":{"type":"string","description":"The privilege to grant on the current or future table.","description_kind":"plain","optional":true},"roles":{"type":["set","string"],"description":"Grants privilege to these roles.","description_kind":"plain","optional":true},"schema_name":{"type":"string","description":"The name of the schema containing the current or future tables on which to grant privileges.","description_kind":"plain","optional":true},"shares":{"type":["set","string"],"description":"Grants privilege to these shares (only valid if on_future is unset).","description_kind":"plain","optional":true},"table_name":{"type":"string","description":"The name of the table on which to grant privileges immediately (only valid if on_future is unset).","description_kind":"plain","optional":true},"with_grant_option":{"type":"bool","description":"When this is set to true, allows the recipient role to grant the privileges to other roles.","description_kind":"plain","optional":true}},"description_kind":"plain"}},"snowflake_task":{"version":0,"block":{"attributes":{"after":{"type":"string","description":"Specifies the predecessor task in the same database and schema of the current task. When a run of the predecessor task finishes successfully, it triggers this task (after a brief lag).","description_kind":"plain","optional":true},"comment":{"type":"string","description":"Specifies a comment for the task.","description_kind":"plain","optional":true},"database":{"type":"string","description":"The database in which to create the task.","description_kind":"plain","required":true},"enabled":{"type":"bool","description":"Specifies if the task should be started (enabled) after creation or should remain suspended (default).","description_kind":"plain","optional":true},"id":{"type":"string","description_kind":"plain","optional":true,"computed":true},"name":{"type":"string","description":"Specifies the identifier for the task; must be unique for the database and schema in which the task is created.","description_kind":"plain","required":true},"schedule":{"type":"string","description":"The schedule for periodically running the task. This can be a cron or interval in minutes.","description_kind":"plain","optional":true},"schema":{"type":"string","description":"The schema in which to create the task.","description_kind":"plain","required":true},"session_parameters":{"type":["map","string"],"description":"Specifies session parameters to set for the session when the task runs. A task supports all session parameters.","description_kind":"plain","optional":true},"sql_statement":{"type":"string","description":"Any single SQL statement, or a call to a stored procedure, executed when the task runs.","description_kind":"plain","required":true},"user_task_timeout_ms":{"type":"number","description":"Specifies the time limit on a single run of the task before it times out (in milliseconds).","description_kind":"plain","optional":true},"warehouse":{"type":"string","description":"The warehouse the task will use.","description_kind":"plain","required":true},"when":{"type":"string","description":"Specifies a Boolean SQL expression; multiple conditions joined with AND/OR are supported.","description_kind":"plain","optional":true}},"description_kind":"plain"}},"snowflake_task_grant":{"version":0,"block":{"attributes":{"database_name":{"type":"string","description":"The name of the database containing the current or future tasks on which to grant privileges.","description_kind":"plain","required":true},"id":{"type":"string","description_kind":"plain","optional":true,"computed":true},"on_future":{"type":"bool","description":"When this is set to true and a schema_name is provided, apply this grant on all future tasks in the given schema. When this is true and no schema_name is provided apply this grant on all future tasks in the given database. The task_name field must be unset in order to use on_future.","description_kind":"plain","optional":true},"privilege":{"type":"string","description":"The privilege to grant on the current or future task.","description_kind":"plain","optional":true},"roles":{"type":["set","string"],"description":"Grants privilege to these roles.","description_kind":"plain","optional":true},"schema_name":{"type":"string","description":"The name of the schema containing the current or future tasks on which to grant privileges.","description_kind":"plain","required":true},"task_name":{"type":"string","description":"The name of the task on which to grant privileges immediately (only valid if on_future is false).","description_kind":"plain","optional":true},"with_grant_option":{"type":"bool","description":"When this is set to true, allows the recipient role to grant the privileges to other roles.","description_kind":"plain","optional":true}},"description_kind":"plain"}},"snowflake_user":{"version":0,"block":{"attributes":{"comment":{"type":"string","description_kind":"plain","optional":true},"default_namespace":{"type":"string","description":"Specifies the namespace (database only or database and schema) that is active by default for the user’s session upon login.","description_kind":"plain","optional":true},"default_role":{"type":"string","description":"Specifies the role that is active by default for the user’s session upon login.","description_kind":"plain","optional":true,"computed":true},"default_warehouse":{"type":"string","description":"Specifies the virtual warehouse that is active by default for the user’s session upon login.","description_kind":"plain","optional":true},"disabled":{"type":"bool","description_kind":"plain","optional":true,"computed":true},"display_name":{"type":"string","description":"Name displayed for the user in the Snowflake web interface.","description_kind":"plain","optional":true,"computed":true},"email":{"type":"string","description":"Email address for the user.","description_kind":"plain","optional":true},"first_name":{"type":"string","description":"First name of the user.","description_kind":"plain","optional":true},"has_rsa_public_key":{"type":"bool","description":"Will be true if user as an RSA key set.","description_kind":"plain","computed":true},"id":{"type":"string","description_kind":"plain","optional":true,"computed":true},"last_name":{"type":"string","description":"Last name of the user.","description_kind":"plain","optional":true},"login_name":{"type":"string","description":"The name users use to log in. If not supplied, snowflake will use name instead.","description_kind":"plain","optional":true,"computed":true},"must_change_password":{"type":"bool","description":"Specifies whether the user is forced to change their password on next login (including their first/initial login) into the system.","description_kind":"plain","optional":true},"name":{"type":"string","description":"Name of the user. Note that if you do not supply login_name this will be used as login_name. [doc](https://docs.snowflake.net/manuals/sql-reference/sql/create-user.html#required-parameters)","description_kind":"plain","required":true},"password":{"type":"string","description":"**WARNING:** this will put the password in the terraform state file. Use carefully.","description_kind":"plain","optional":true,"sensitive":true},"rsa_public_key":{"type":"string","description":"Specifies the user’s RSA public key; used for key-pair authentication. Must be on 1 line without header and trailer.","description_kind":"plain","optional":true},"rsa_public_key_2":{"type":"string","description":"Specifies the user’s second RSA public key; used to rotate the public and private keys for key-pair authentication based on an expiration schedule set by your organization. Must be on 1 line without header and trailer.","description_kind":"plain","optional":true}},"description_kind":"plain"}},"snowflake_user_public_keys":{"version":0,"block":{"attributes":{"id":{"type":"string","description_kind":"plain","optional":true,"computed":true},"name":{"type":"string","description":"Name of the user.","description_kind":"plain","required":true},"rsa_public_key":{"type":"string","description":"Specifies the user’s RSA public key; used for key-pair authentication. Must be on 1 line without header and trailer.","description_kind":"plain","optional":true},"rsa_public_key_2":{"type":"string","description":"Specifies the user’s second RSA public key; used to rotate the public and Public keys for key-pair authentication based on an expiration schedule set by your organization. Must be on 1 line without header and trailer.","description_kind":"plain","optional":true}},"description_kind":"plain"}},"snowflake_view":{"version":0,"block":{"attributes":{"comment":{"type":"string","description":"Specifies a comment for the view.","description_kind":"plain","optional":true},"database":{"type":"string","description":"The database in which to create the view. Don't use the | character.","description_kind":"plain","required":true},"id":{"type":"string","description_kind":"plain","optional":true,"computed":true},"is_secure":{"type":"bool","description":"Specifies that the view is secure.","description_kind":"plain","optional":true},"name":{"type":"string","description":"Specifies the identifier for the view; must be unique for the schema in which the view is created. Don't use the | character.","description_kind":"plain","required":true},"or_replace":{"type":"bool","description":"Overwrites the View if it exists.","description_kind":"plain","optional":true},"schema":{"type":"string","description":"The schema in which to create the view. Don't use the | character.","description_kind":"plain","required":true},"statement":{"type":"string","description":"Specifies the query used to create the view.","description_kind":"plain","required":true}},"description_kind":"plain"}},"snowflake_view_grant":{"version":0,"block":{"attributes":{"database_name":{"type":"string","description":"The name of the database containing the current or future views on which to grant privileges.","description_kind":"plain","required":true},"id":{"type":"string","description_kind":"plain","optional":true,"computed":true},"on_future":{"type":"bool","description":"When this is set to true and a schema_name is provided, apply this grant on all future views in the given schema. When this is true and no schema_name is provided apply this grant on all future views in the given database. The view_name and shares fields must be unset in order to use on_future.","description_kind":"plain","optional":true},"privilege":{"type":"string","description":"The privilege to grant on the current or future view.","description_kind":"plain","optional":true},"roles":{"type":["set","string"],"description":"Grants privilege to these roles.","description_kind":"plain","optional":true},"schema_name":{"type":"string","description":"The name of the schema containing the current or future views on which to grant privileges.","description_kind":"plain","optional":true},"shares":{"type":["set","string"],"description":"Grants privilege to these shares (only valid if on_future is unset).","description_kind":"plain","optional":true},"view_name":{"type":"string","description":"The name of the view on which to grant privileges immediately (only valid if on_future is unset).","description_kind":"plain","optional":true},"with_grant_option":{"type":"bool","description":"When this is set to true, allows the recipient role to grant the privileges to other roles.","description_kind":"plain","optional":true}},"description_kind":"plain"}},"snowflake_warehouse":{"version":0,"block":{"attributes":{"auto_resume":{"type":"bool","description":"Specifies whether to automatically resume a warehouse when a SQL statement (e.g. query) is submitted to it.","description_kind":"plain","optional":true,"computed":true},"auto_suspend":{"type":"number","description":"Specifies the number of seconds of inactivity after which a warehouse is automatically suspended.","description_kind":"plain","optional":true,"computed":true},"comment":{"type":"string","description_kind":"plain","optional":true},"id":{"type":"string","description_kind":"plain","optional":true,"computed":true},"initially_suspended":{"type":"bool","description":"Specifies whether the warehouse is created initially in the ‘Suspended’ state.","description_kind":"plain","optional":true},"max_cluster_count":{"type":"number","description":"Specifies the maximum number of server clusters for the warehouse.","description_kind":"plain","optional":true,"computed":true},"max_concurrency_level":{"type":"number","description":"Object parameter that specifies the concurrency level for SQL statements (i.e. queries and DML) executed by a warehouse.","description_kind":"plain","optional":true},"min_cluster_count":{"type":"number","description":"Specifies the minimum number of server clusters for the warehouse (only applies to multi-cluster warehouses).","description_kind":"plain","optional":true,"computed":true},"name":{"type":"string","description":"Identifier for the virtual warehouse; must be unique for your account.","description_kind":"plain","required":true},"resource_monitor":{"type":"string","description":"Specifies the name of a resource monitor that is explicitly assigned to the warehouse.","description_kind":"plain","optional":true,"computed":true},"scaling_policy":{"type":"string","description":"Specifies the policy for automatically starting and shutting down clusters in a multi-cluster warehouse running in Auto-scale mode.","description_kind":"plain","optional":true,"computed":true},"statement_queued_timeout_in_seconds":{"type":"number","description":"Object parameter that specifies the time, in seconds, a SQL statement (query, DDL, DML, etc.) can be queued on a warehouse before it is canceled by the system.","description_kind":"plain","optional":true},"statement_timeout_in_seconds":{"type":"number","description":"Specifies the time, in seconds, after which a running SQL statement (query, DDL, DML, etc.) is canceled by the system","description_kind":"plain","optional":true},"wait_for_provisioning":{"type":"bool","description":"Specifies whether the warehouse, after being resized, waits for all the servers to provision before executing any queued or new queries.","description_kind":"plain","optional":true},"warehouse_size":{"type":"string","description":"Specifies the size of the virtual warehouse. Larger warehouse sizes 5X-Large and 6X-Large are currently in preview and only available on Amazon Web Services (AWS).","description_kind":"plain","optional":true,"computed":true}},"description_kind":"plain"}},"snowflake_warehouse_grant":{"version":0,"block":{"attributes":{"id":{"type":"string","description_kind":"plain","optional":true,"computed":true},"privilege":{"type":"string","description":"The privilege to grant on the warehouse.","description_kind":"plain","optional":true},"roles":{"type":["set","string"],"description":"Grants privilege to these roles.","description_kind":"plain","optional":true},"warehouse_name":{"type":"string","description":"The name of the warehouse on which to grant privileges.","description_kind":"plain","required":true},"with_grant_option":{"type":"bool","description":"When this is set to true, allows the recipient role to grant the privileges to other roles.","description_kind":"plain","optional":true}},"description_kind":"plain"}}},"data_source_schemas":{"snowflake_current_account":{"version":0,"block":{"attributes":{"account":{"type":"string","description":"The Snowflake Account ID; as returned by CURRENT_ACCOUNT().","description_kind":"plain","computed":true},"id":{"type":"string","description_kind":"plain","optional":true,"computed":true},"region":{"type":"string","description":"The Snowflake Region; as returned by CURRENT_REGION()","description_kind":"plain","computed":true},"url":{"type":"string","description":"The Snowflake URL.","description_kind":"plain","computed":true}},"description_kind":"plain"}},"snowflake_external_functions":{"version":0,"block":{"attributes":{"database":{"type":"string","description":"The database from which to return the schemas from.","description_kind":"plain","required":true},"external_functions":{"type":["list",["object",{"comment":"string","database":"string","language":"string","name":"string","schema":"string"}]],"description":"The external functions in the schema","description_kind":"plain","computed":true},"id":{"type":"string","description_kind":"plain","optional":true,"computed":true},"schema":{"type":"string","description":"The schema from which to return the external functions from.","description_kind":"plain","required":true}},"description_kind":"plain"}},"snowflake_external_tables":{"version":0,"block":{"attributes":{"database":{"type":"string","description":"The database from which to return the schemas from.","description_kind":"plain","required":true},"external_tables":{"type":["list",["object",{"comment":"string","database":"string","name":"string","schema":"string"}]],"description":"The external tables in the schema","description_kind":"plain","computed":true},"id":{"type":"string","description_kind":"plain","optional":true,"computed":true},"schema":{"type":"string","description":"The schema from which to return the external tables from.","description_kind":"plain","required":true}},"description_kind":"plain"}},"snowflake_file_formats":{"version":0,"block":{"attributes":{"database":{"type":"string","description":"The database from which to return the schemas from.","description_kind":"plain","required":true},"file_formats":{"type":["list",["object",{"comment":"string","database":"string","format_type":"string","name":"string","schema":"string"}]],"description":"The file formats in the schema","description_kind":"plain","computed":true},"id":{"type":"string","description_kind":"plain","optional":true,"computed":true},"schema":{"type":"string","description":"The schema from which to return the file formats from.","description_kind":"plain","required":true}},"description_kind":"plain"}},"snowflake_functions":{"version":0,"block":{"attributes":{"database":{"type":"string","description":"The database from which to return the schemas from.","description_kind":"plain","required":true},"functions":{"type":["list",["object",{"argument_types":["list","string"],"comment":"string","database":"string","name":"string","return_type":"string","schema":"string"}]],"description":"The functions in the schema","description_kind":"plain","computed":true},"id":{"type":"string","description_kind":"plain","optional":true,"computed":true},"schema":{"type":"string","description":"The schema from which to return the functions from.","description_kind":"plain","required":true}},"description_kind":"plain"}},"snowflake_masking_policies":{"version":0,"block":{"attributes":{"database":{"type":"string","description":"The database from which to return the schemas from.","description_kind":"plain","required":true},"id":{"type":"string","description_kind":"plain","optional":true,"computed":true},"masking_policies":{"type":["list",["object",{"comment":"string","database":"string","kind":"string","name":"string","schema":"string"}]],"description":"The maskingPolicies in the schema","description_kind":"plain","computed":true},"schema":{"type":"string","description":"The schema from which to return the maskingPolicies from.","description_kind":"plain","required":true}},"description_kind":"plain"}},"snowflake_materialized_views":{"version":0,"block":{"attributes":{"database":{"type":"string","description":"The database from which to return the schemas from.","description_kind":"plain","required":true},"id":{"type":"string","description_kind":"plain","optional":true,"computed":true},"materialized_views":{"type":["list",["object",{"comment":"string","database":"string","name":"string","schema":"string"}]],"description":"The views in the schema","description_kind":"plain","computed":true},"schema":{"type":"string","description":"The schema from which to return the views from.","description_kind":"plain","required":true}},"description_kind":"plain"}},"snowflake_pipes":{"version":0,"block":{"attributes":{"database":{"type":"string","description":"The database from which to return the schemas from.","description_kind":"plain","required":true},"id":{"type":"string","description_kind":"plain","optional":true,"computed":true},"pipes":{"type":["list",["object",{"comment":"string","database":"string","integration":"string","name":"string","schema":"string"}]],"description":"The pipes in the schema","description_kind":"plain","computed":true},"schema":{"type":"string","description":"The schema from which to return the pipes from.","description_kind":"plain","required":true}},"description_kind":"plain"}},"snowflake_procedures":{"version":0,"block":{"attributes":{"database":{"type":"string","description":"The database from which to return the schemas from.","description_kind":"plain","required":true},"id":{"type":"string","description_kind":"plain","optional":true,"computed":true},"procedures":{"type":["list",["object",{"argument_types":["list","string"],"comment":"string","database":"string","name":"string","return_type":"string","schema":"string"}]],"description":"The procedures in the schema","description_kind":"plain","computed":true},"schema":{"type":"string","description":"The schema from which to return the procedures from.","description_kind":"plain","required":true}},"description_kind":"plain"}},"snowflake_resource_monitors":{"version":0,"block":{"attributes":{"id":{"type":"string","description_kind":"plain","optional":true,"computed":true},"resource_monitors":{"type":["list",["object",{"comment":"string","credit_quota":"string","frequency":"string","name":"string"}]],"description":"The resource monitors in the database","description_kind":"plain","computed":true}},"description_kind":"plain"}},"snowflake_row_access_policies":{"version":0,"block":{"attributes":{"database":{"type":"string","description":"The database from which to return the schemas from.","description_kind":"plain","required":true},"id":{"type":"string","description_kind":"plain","optional":true,"computed":true},"row_access_policies":{"type":["list",["object",{"comment":"string","database":"string","name":"string","schema":"string"}]],"description":"The row access policy in the schema","description_kind":"plain","computed":true},"schema":{"type":"string","description":"The schema from which to return the row access policyfrom.","description_kind":"plain","required":true}},"description_kind":"plain"}},"snowflake_schemas":{"version":0,"block":{"attributes":{"database":{"type":"string","description":"The database from which to return the schemas from.","description_kind":"plain","required":true},"id":{"type":"string","description_kind":"plain","optional":true,"computed":true},"schemas":{"type":["list",["object",{"comment":"string","database":"string","name":"string"}]],"description":"The schemas in the database","description_kind":"plain","computed":true}},"description_kind":"plain"}},"snowflake_sequences":{"version":0,"block":{"attributes":{"database":{"type":"string","description":"The database from which to return the schemas from.","description_kind":"plain","required":true},"id":{"type":"string","description_kind":"plain","optional":true,"computed":true},"schema":{"type":"string","description":"The schema from which to return the sequences from.","description_kind":"plain","required":true},"sequences":{"type":["list",["object",{"comment":"string","database":"string","name":"string","schema":"string"}]],"description":"The sequences in the schema","description_kind":"plain","computed":true}},"description_kind":"plain"}},"snowflake_stages":{"version":0,"block":{"attributes":{"database":{"type":"string","description":"The database from which to return the schemas from.","description_kind":"plain","required":true},"id":{"type":"string","description_kind":"plain","optional":true,"computed":true},"schema":{"type":"string","description":"The schema from which to return the stages from.","description_kind":"plain","required":true},"stages":{"type":["list",["object",{"comment":"string","database":"string","name":"string","schema":"string","storage_integration":"string"}]],"description":"The stages in the schema","description_kind":"plain","computed":true}},"description_kind":"plain"}},"snowflake_storage_integrations":{"version":0,"block":{"attributes":{"id":{"type":"string","description_kind":"plain","optional":true,"computed":true},"storage_integrations":{"type":["list",["object",{"comment":"string","enabled":"bool","name":"string","type":"string"}]],"description":"The storage integrations in the database","description_kind":"plain","computed":true}},"description_kind":"plain"}},"snowflake_streams":{"version":0,"block":{"attributes":{"database":{"type":"string","description":"The database from which to return the streams from.","description_kind":"plain","required":true},"id":{"type":"string","description_kind":"plain","optional":true,"computed":true},"schema":{"type":"string","description":"The schema from which to return the streams from.","description_kind":"plain","required":true},"streams":{"type":["list",["object",{"comment":"string","database":"string","name":"string","schema":"string","table":"string"}]],"description":"The streams in the schema","description_kind":"plain","computed":true}},"description_kind":"plain"}},"snowflake_system_generate_scim_access_token":{"version":0,"block":{"attributes":{"access_token":{"type":"string","description":"SCIM Access Token","description_kind":"plain","computed":true},"id":{"type":"string","description_kind":"plain","optional":true,"computed":true},"integration_name":{"type":"string","description":"SCIM Integration Name","description_kind":"plain","required":true}},"description_kind":"plain"}},"snowflake_system_get_aws_sns_iam_policy":{"version":0,"block":{"attributes":{"aws_sns_topic_arn":{"type":"string","description":"Amazon Resource Name (ARN) of the SNS topic for your S3 bucket","description_kind":"plain","required":true},"aws_sns_topic_policy_json":{"type":"string","description":"IAM policy for Snowflake’s SQS queue to subscribe to this topic","description_kind":"plain","computed":true},"id":{"type":"string","description_kind":"plain","optional":true,"computed":true}},"description_kind":"plain"}},"snowflake_system_get_privatelink_config":{"version":0,"block":{"attributes":{"account_name":{"type":"string","description":"The name of your Snowflake account.","description_kind":"plain","computed":true},"account_url":{"type":"string","description":"The URL used to connect to Snowflake through AWS PrivateLink or Azure Private Link.","description_kind":"plain","computed":true},"aws_vpce_id":{"type":"string","description":"The AWS VPCE ID for your account.","description_kind":"plain","computed":true},"azure_pls_id":{"type":"string","description":"The Azure Private Link Service ID for your account.","description_kind":"plain","computed":true},"id":{"type":"string","description_kind":"plain","optional":true,"computed":true},"oscp_url":{"type":"string","description":"The OCSP URL corresponding to your Snowflake account that uses AWS PrivateLink or Azure Private Link.","description_kind":"plain","computed":true}},"description_kind":"plain"}},"snowflake_system_get_snowflake_platform_info":{"version":0,"block":{"attributes":{"aws_vpc_ids":{"type":["list","string"],"description":"Snowflake AWS Virtual Private Cloud IDs","description_kind":"plain","computed":true},"azure_vnet_subnet_ids":{"type":["list","string"],"description":"Snowflake Azure Virtual Network Subnet IDs","description_kind":"plain","computed":true},"id":{"type":"string","description_kind":"plain","optional":true,"computed":true}},"description_kind":"plain"}},"snowflake_tables":{"version":0,"block":{"attributes":{"database":{"type":"string","description":"The database from which to return the schemas from.","description_kind":"plain","required":true},"id":{"type":"string","description_kind":"plain","optional":true,"computed":true},"schema":{"type":"string","description":"The schema from which to return the tables from.","description_kind":"plain","required":true},"tables":{"type":["list",["object",{"comment":"string","database":"string","name":"string","schema":"string"}]],"description":"The tables in the schema","description_kind":"plain","computed":true}},"description_kind":"plain"}},"snowflake_tasks":{"version":0,"block":{"attributes":{"database":{"type":"string","description":"The database from which to return the schemas from.","description_kind":"plain","required":true},"id":{"type":"string","description_kind":"plain","optional":true,"computed":true},"schema":{"type":"string","description":"The schema from which to return the tasks from.","description_kind":"plain","required":true},"tasks":{"type":["list",["object",{"comment":"string","database":"string","name":"string","schema":"string","warehouse":"string"}]],"description":"The tasks in the schema","description_kind":"plain","computed":true}},"description_kind":"plain"}},"snowflake_views":{"version":0,"block":{"attributes":{"database":{"type":"string","description":"The database from which to return the schemas from.","description_kind":"plain","required":true},"id":{"type":"string","description_kind":"plain","optional":true,"computed":true},"schema":{"type":"string","description":"The schema from which to return the views from.","description_kind":"plain","required":true},"views":{"type":["list",["object",{"comment":"string","database":"string","name":"string","schema":"string"}]],"description":"The views in the schema","description_kind":"plain","computed":true}},"description_kind":"plain"}},"snowflake_warehouses":{"version":0,"block":{"attributes":{"id":{"type":"string","description_kind":"plain","optional":true,"computed":true},"warehouses":{"type":["list",["object",{"comment":"string","name":"string","scaling_policy":"string","size":"string","state":"string","type":"string"}]],"description":"The warehouses in the database","description_kind":"plain","computed":true}},"description_kind":"plain"}}}}}}
