{"format_version":"0.2","provider_schemas":{"registry.terraform.io/ryanwholey/pihole":{"provider":{"version":0,"block":{"attributes":{"password":{"type":"string","description":"The admin password used to login to the admin dashboard","description_kind":"plain","required":true},"url":{"type":"string","description":"URL where Pi-hole is deployed","description_kind":"plain","optional":true}},"description_kind":"plain"}},"resource_schemas":{"pihole_ad_blocker_status":{"version":0,"block":{"attributes":{"enabled":{"type":"bool","description":"Whether to enable the Pi-hole ad blocker","description_kind":"plain","required":true},"id":{"type":"string","description_kind":"plain","optional":true,"computed":true}},"description_kind":"plain"}},"pihole_cname_record":{"version":0,"block":{"attributes":{"domain":{"type":"string","description":"Domain to create a CNAME record for","description_kind":"plain","required":true},"id":{"type":"string","description_kind":"plain","optional":true,"computed":true},"target":{"type":"string","description":"Value of the CNAME record where traffic will be directed to from the configured domain value","description_kind":"plain","required":true}},"description":"Manages a Pi-hole CNAME record","description_kind":"plain"}},"pihole_dns_record":{"version":0,"block":{"attributes":{"domain":{"type":"string","description":"DNS record domain","description_kind":"plain","required":true},"id":{"type":"string","description_kind":"plain","optional":true,"computed":true},"ip":{"type":"string","description":"IP address where traffic is routed to from the DNS record domain","description_kind":"plain","required":true}},"description_kind":"plain"}},"pihole_group":{"version":0,"block":{"attributes":{"description":{"type":"string","description":"Group description","description_kind":"plain","optional":true},"enabled":{"type":"bool","description":"Whether to enable the group","description_kind":"plain","optional":true},"id":{"type":"string","description_kind":"plain","optional":true,"computed":true},"name":{"type":"string","description":"Group name","description_kind":"plain","required":true}},"description":"A construct to associate clients with allow/deny lists and/or adlists","description_kind":"plain"}}},"data_source_schemas":{"pihole_cname_records":{"version":0,"block":{"attributes":{"id":{"type":"string","description_kind":"plain","optional":true,"computed":true},"records":{"type":["set",["object",{"domain":"string","target":"string"}]],"description":"List of CNAME Pi-hole records","description_kind":"plain","computed":true}},"description_kind":"plain"}},"pihole_dns_records":{"version":0,"block":{"attributes":{"id":{"type":"string","description_kind":"plain","optional":true,"computed":true},"records":{"type":["set",["object",{"domain":"string","ip":"string"}]],"description":"List of Pi-hole DNS records","description_kind":"plain","computed":true}},"description_kind":"plain"}},"pihole_groups":{"version":0,"block":{"attributes":{"groups":{"type":["set",["object",{"description":"string","enabled":"bool","id":"number","name":"string"}]],"description":"List of groups to manage list of clients and block lists","description_kind":"plain","computed":true},"id":{"type":"string","description_kind":"plain","optional":true,"computed":true}},"description_kind":"plain"}}}}}}
