{"format_version":"0.2","provider_schemas":{"registry.terraform.io/rymancl/dotcommonitor":{"provider":{"version":0,"block":{"attributes":{"uid":{"type":"string","description":"Customer UID token","description_kind":"plain","required":true}},"description_kind":"plain"}},"resource_schemas":{"dotcommonitor_device":{"version":0,"block":{"attributes":{"alert_silence_min":{"type":"number","description_kind":"plain","optional":true},"avoid_simultaneous_checks":{"type":"bool","description_kind":"plain","optional":true},"false_positive_check":{"type":"bool","description_kind":"plain","optional":true},"filter_id":{"type":"number","description_kind":"plain","optional":true},"frequency":{"type":"number","description_kind":"plain","optional":true},"id":{"type":"string","description_kind":"plain","optional":true,"computed":true},"locations":{"type":["set","number"],"description_kind":"plain","required":true},"name":{"type":"string","description_kind":"plain","required":true},"owner_device_id":{"type":"number","description_kind":"plain","optional":true},"platform_id":{"type":"number","description_kind":"plain","optional":true},"postpone":{"type":"bool","description_kind":"plain","optional":true},"scheduler_id":{"type":"number","description_kind":"plain","optional":true},"send_uptime_alert":{"type":"bool","description_kind":"plain","optional":true}},"block_types":{"notifications_groups":{"nesting_mode":"set","block":{"attributes":{"id":{"type":"number","description_kind":"plain","required":true},"time_shift_min":{"type":"number","description_kind":"plain","optional":true}},"description_kind":"plain"}}},"description_kind":"plain"}},"dotcommonitor_group":{"version":0,"block":{"attributes":{"id":{"type":"string","description_kind":"plain","optional":true,"computed":true},"name":{"type":"string","description_kind":"plain","required":true},"scheduler_id":{"type":"number","description_kind":"plain","optional":true}},"block_types":{"addresses":{"nesting_mode":"list","block":{"attributes":{"address":{"type":"string","description_kind":"plain","optional":true},"code":{"type":"string","description_kind":"plain","optional":true},"integration_key":{"type":"string","description_kind":"plain","optional":true},"message":{"type":"string","description_kind":"plain","optional":true},"number":{"type":"string","description_kind":"plain","optional":true},"template_id":{"type":"number","description_kind":"plain","optional":true},"type":{"type":"string","description_kind":"plain","required":true}},"description_kind":"plain"}}},"description_kind":"plain"}},"dotcommonitor_scheduler":{"version":0,"block":{"attributes":{"description":{"type":"string","description_kind":"plain","optional":true},"id":{"type":"string","description_kind":"plain","optional":true,"computed":true},"name":{"type":"string","description_kind":"plain","required":true}},"block_types":{"excluded_time_intervals":{"nesting_mode":"set","block":{"attributes":{"from_unix":{"type":"number","description_kind":"plain","required":true},"to_unix":{"type":"number","description_kind":"plain","required":true}},"description_kind":"plain"}},"weekly_intervals":{"nesting_mode":"set","block":{"attributes":{"days":{"type":["set","string"],"description_kind":"plain","required":true},"enabled":{"type":"bool","description_kind":"plain","optional":true},"from_minute":{"type":"number","description_kind":"plain","optional":true},"to_minute":{"type":"number","description_kind":"plain","optional":true}},"description_kind":"plain"}}},"description_kind":"plain"}},"dotcommonitor_task":{"version":0,"block":{"attributes":{"device_id":{"type":"number","description_kind":"plain","required":true},"dns_resolve_mode":{"type":"string","description_kind":"plain","optional":true},"dns_server_ip":{"type":"string","description_kind":"plain","optional":true},"download_additional":{"type":"bool","description_kind":"plain","optional":true},"download_applets":{"type":"bool","description_kind":"plain","optional":true},"download_frames":{"type":"bool","description_kind":"plain","optional":true},"download_html":{"type":"bool","description_kind":"plain","optional":true},"download_images":{"type":"bool","description_kind":"plain","optional":true},"download_objects":{"type":"bool","description_kind":"plain","optional":true},"download_scripts":{"type":"bool","description_kind":"plain","optional":true},"download_style_sheets":{"type":"bool","description_kind":"plain","optional":true},"full_page_download":{"type":"bool","description_kind":"plain","optional":true},"id":{"type":"string","description_kind":"plain","optional":true,"computed":true},"keyword1":{"type":"string","description_kind":"plain","optional":true},"keyword2":{"type":"string","description_kind":"plain","optional":true},"keyword3":{"type":"string","description_kind":"plain","optional":true},"name":{"type":"string","description_kind":"plain","required":true},"prepare_script":{"type":"string","description_kind":"plain","optional":true},"request_type":{"type":"string","description_kind":"plain","optional":true},"ssl_check_certificate_authority":{"type":"bool","description_kind":"plain","optional":true},"ssl_check_certificate_cn":{"type":"bool","description_kind":"plain","optional":true},"ssl_check_certificate_date":{"type":"bool","description_kind":"plain","optional":true},"ssl_check_certificate_revocation":{"type":"bool","description_kind":"plain","optional":true},"ssl_check_certificate_usage":{"type":"bool","description_kind":"plain","optional":true},"ssl_client_certificate":{"type":"string","description_kind":"plain","optional":true},"ssl_expiration_reminder_in_days":{"type":"number","description_kind":"plain","optional":true},"task_type_id":{"type":"number","description_kind":"plain","optional":true},"timeout":{"type":"number","description_kind":"plain","optional":true},"url":{"type":"string","description_kind":"plain","required":true},"username":{"type":"string","description_kind":"plain","optional":true},"userpass":{"type":"string","description_kind":"plain","optional":true,"sensitive":true}},"block_types":{"custom_dns_hosts":{"nesting_mode":"list","block":{"attributes":{"host":{"type":"string","description_kind":"plain","required":true},"ip_address":{"type":"string","description_kind":"plain","required":true}},"description_kind":"plain"}},"get_params":{"nesting_mode":"set","block":{"attributes":{"name":{"type":"string","description_kind":"plain","required":true},"value":{"type":"string","description_kind":"plain","required":true}},"description_kind":"plain"}},"header_params":{"nesting_mode":"set","block":{"attributes":{"name":{"type":"string","description_kind":"plain","required":true},"value":{"type":"string","description_kind":"plain","required":true}},"description_kind":"plain"}},"post_params":{"nesting_mode":"set","block":{"attributes":{"name":{"type":"string","description_kind":"plain","required":true},"value":{"type":"string","description_kind":"plain","required":true}},"description_kind":"plain"}}},"description_kind":"plain"}}},"data_source_schemas":{"dotcommonitor_device":{"version":0,"block":{"attributes":{"id":{"type":"string","description_kind":"plain","optional":true,"computed":true},"name":{"type":"string","description_kind":"plain","optional":true},"platform_id":{"type":"number","description_kind":"plain","optional":true}},"description_kind":"plain"}},"dotcommonitor_group":{"version":0,"block":{"attributes":{"id":{"type":"string","description_kind":"plain","optional":true,"computed":true},"name":{"type":"string","description_kind":"plain","optional":true}},"description_kind":"plain"}},"dotcommonitor_location":{"version":0,"block":{"attributes":{"available":{"type":"bool","description_kind":"plain","computed":true},"deleted":{"type":"bool","description_kind":"plain","computed":true},"id":{"type":"number","description_kind":"plain","optional":true},"name":{"type":"string","description_kind":"plain","optional":true},"platform_id":{"type":"number","description_kind":"plain","optional":true},"private":{"type":"bool","description_kind":"plain","computed":true}},"description_kind":"plain"}},"dotcommonitor_locations":{"version":0,"block":{"attributes":{"all_locations":{"type":"bool","description_kind":"plain","optional":true},"all_private_locations":{"type":"bool","description_kind":"plain","optional":true},"all_public_locations":{"type":"bool","description_kind":"plain","optional":true},"id":{"type":"string","description_kind":"plain","optional":true,"computed":true},"ids":{"type":["set","number"],"description_kind":"plain","optional":true},"include_restrictive":{"type":"bool","description_kind":"plain","optional":true},"include_unavailable":{"type":"bool","description_kind":"plain","optional":true},"names":{"type":["set","string"],"description_kind":"plain","optional":true},"platform_id":{"type":"number","description_kind":"plain","optional":true}},"description_kind":"plain"}},"dotcommonitor_scheduler":{"version":0,"block":{"attributes":{"id":{"type":"number","description_kind":"plain","optional":true},"name":{"type":"string","description_kind":"plain","optional":true}},"description_kind":"plain"}},"dotcommonitor_task":{"version":0,"block":{"attributes":{"device_id":{"type":"number","description_kind":"plain","required":true},"id":{"type":"string","description_kind":"plain","optional":true,"computed":true},"name":{"type":"string","description_kind":"plain","required":true}},"description_kind":"plain"}}}}}}
