{"format_version":"0.2","provider_schemas":{"registry.terraform.io/s1ntaxe770r/planetscale":{"provider":{"version":0,"block":{"attributes":{"access_token":{"type":"string","description_kind":"plain","required":true}},"description_kind":"plain"}},"resource_schemas":{"planetscale_database":{"version":0,"block":{"attributes":{"database":{"type":["list",["object",{"created_at":"string","name":"string","notes":"string","region":["map","string"],"updated_at":"string"}]],"description":"data returned by the create database","description_kind":"plain","computed":true},"id":{"type":"string","description_kind":"plain","optional":true,"computed":true},"name":{"type":"string","description":"display name of your database","description_kind":"plain","required":true},"notes":{"type":"string","description":"Optional notes","description_kind":"plain","optional":true},"organization":{"type":"string","description":"organization to create database under","description_kind":"plain","required":true}},"description_kind":"plain"}}},"data_source_schemas":{"planetscale_database":{"version":0,"block":{"attributes":{"created_at":{"type":"string","description_kind":"plain","computed":true},"id":{"type":"string","description_kind":"plain","optional":true,"computed":true},"name":{"type":"string","description":"name of the database to be fetch","description_kind":"plain","required":true},"notes":{"type":"string","description":"notes assosicated with this database","description_kind":"plain","computed":true},"organization":{"type":"string","description":"organization from which terraform will read databases from","description_kind":"plain","required":true},"region":{"type":["map","string"],"description_kind":"plain","computed":true},"updated_at":{"type":"string","description_kind":"plain","computed":true}},"description_kind":"plain"}},"planetscale_databases":{"version":0,"block":{"attributes":{"databases":{"type":["list",["object",{"created_at":"string","name":"string","notes":"string","region":["map","string"],"updated_at":"string"}]],"description_kind":"plain","computed":true},"id":{"type":"string","description_kind":"plain","optional":true,"computed":true},"organization":{"type":"string","description_kind":"plain","required":true}},"description_kind":"plain"}},"planetscale_organizations":{"version":0,"block":{"attributes":{"id":{"type":"string","description_kind":"plain","optional":true,"computed":true},"organizations":{"type":["list",["object",{"created_at":"string","name":"string","updated_at":"string"}]],"description_kind":"plain","computed":true}},"description_kind":"plain"}}}}}}
