{"format_version":"0.2","provider_schemas":{"registry.terraform.io/sagewave/jumpcloud":{"provider":{"version":0,"block":{"attributes":{"api_key":{"type":"string","description":"The admin API key to access JumpCloud resources. Can be passed via `JUMPCLOUD_API_KEY` environment variable.","description_kind":"markdown","required":true},"org_id":{"type":"string","description":"The JumpCloud organization ID. Can be passed via `JUMPCLOUD_ORG_ID` environment variable.","description_kind":"markdown","required":true}},"description_kind":"plain"}},"resource_schemas":{"jumpcloud_application":{"version":0,"block":{"attributes":{"aws_session_duration":{"type":"string","description":"Value of the `https://aws.amazon.com/SAML/Attributes/SessionDuration` attribute.","description_kind":"markdown","required":true},"display_label":{"type":"string","description":"Name of the application to display","description_kind":"markdown","required":true},"id":{"type":"string","description_kind":"plain","optional":true,"computed":true},"metadata_xml":{"type":"string","description":"The JumpCloud metadata XML file.","description_kind":"markdown","computed":true},"saml_role_attribute":{"type":"string","description":"Value of the `https://aws.amazon.com/SAML/Attributes/Role` attribute.","description_kind":"markdown","required":true},"sso_url":{"type":"string","description":"The SSO URL suffix to use","description_kind":"markdown","required":true}},"description":"Provides a resource for adding an Amazon Web Services (AWS) account application. **Note:** This resource is due to change in future versions to be more generic and allow for adding various applications supported by JumpCloud.","description_kind":"markdown"}},"jumpcloud_user":{"version":0,"block":{"attributes":{"email":{"type":"string","description":"The users e-mail address, which is also used for log ins. E-mail addresses have to be unique across all JumpCloud accounts, there cannot be two users with the same e-mail address. Example: `john.doe@acme.org`.","description_kind":"markdown","required":true},"enable_mfa":{"type":"bool","description":"Require Multi-factor Authentication on the User Portal.","description_kind":"markdown","optional":true},"firstname":{"type":"string","description":"The user's first name. Example: `john`.","description_kind":"markdown","optional":true},"id":{"type":"string","description_kind":"plain","optional":true,"computed":true},"lastname":{"type":"string","description":"The user's last name. Example: `doe`.","description_kind":"markdown","optional":true},"username":{"type":"string","description":"The technical user name. See JumpCloud's [user naming conventions](https://support.jumpcloud.com/support/s/article/naming-convention-for-users1) for naming restrictions. Example: `john.doe`.","description_kind":"markdown","required":true}},"description":"Provides a JumpCloud system user resource. For additional information refer also to the [JumpCloud API user model](https://docs.jumpcloud.com/1.0/models/systemuserpost).","description_kind":"markdown"}},"jumpcloud_user_group":{"version":0,"block":{"attributes":{"id":{"type":"string","description_kind":"plain","optional":true,"computed":true},"name":{"type":"string","description":"The name of the group. Example: `My Group`.","description_kind":"markdown","required":true}},"block_types":{"attributes":{"nesting_mode":"list","block":{"attributes":{"posix_groups":{"type":"string","description_kind":"plain","optional":true}},"description":"TODO","description_kind":"markdown"}}},"description":"Provides a JumpCloud user group resource. Refer to the [JumpCloud API model](https://docs.jumpcloud.com/2.0/models/usergroup) for further details.","description_kind":"markdown"}},"jumpcloud_user_group_association":{"version":0,"block":{"attributes":{"group_id":{"type":"string","description":"The ID of the `resource_user_group` resource.","description_kind":"markdown","required":true},"id":{"type":"string","description_kind":"plain","optional":true,"computed":true},"object_id":{"type":"string","description":"The ID of the object to associate to the group.","description_kind":"markdown","required":true},"type":{"type":"string","description":"The type of the object to associate to the given group. Possible values: `active_directory`, `application`, `command`, `g_suite`, `ldap_server`, `office_365`, `policy`, `radius_server`, `system`, `system_group`.","description_kind":"markdown","required":true}},"description":"Provides a resource for associating a JumpCloud user group to objects like SSO applications, G Suite, Office 365, LDAP and more.","description_kind":"markdown"}},"jumpcloud_user_group_membership":{"version":0,"block":{"attributes":{"group_id":{"type":"string","description":"The ID of the `resource_user_group` object.","description_kind":"markdown","required":true},"id":{"type":"string","description_kind":"plain","optional":true,"computed":true},"user_id":{"type":"string","description":"The ID of the `resource_user` object.","description_kind":"markdown","required":true}},"description":"Provides a resource for managing user group memberships.","description_kind":"markdown"}}},"data_source_schemas":{"jumpcloud_gsuite_directory":{"version":0,"block":{"attributes":{"id":{"type":"string","description_kind":"plain","computed":true},"name":{"type":"string","description":"The user defined name, e.g. `My G Suite directory`.","description_kind":"markdown","required":true},"type":{"type":"string","description":"The directory type. This will always be `g_suite`.","description_kind":"markdown","computed":true}},"description":"Use this data source to get information about a JumpCloud G Suite directory.","description_kind":"markdown"}},"jumpcloud_ldap_directory":{"version":0,"block":{"attributes":{"id":{"type":"string","description_kind":"plain","computed":true},"name":{"type":"string","description":"Name of the LDAP directory. Example: `JumpCloud LDAP`.","description_kind":"markdown","computed":true},"type":{"type":"string","description":"The directory type. This will always be `ldap_server`.","description_kind":"markdown","computed":true}},"description":"Use this data source to get information about the JumpCloud LDAP directory. Each account has a LDAP directory by default and there can only be one LDAP directory.","description_kind":"markdown"}},"jumpcloud_office365_directory":{"version":0,"block":{"attributes":{"id":{"type":"string","description_kind":"plain","computed":true},"name":{"type":"string","description":"The user defined name, e.g. `My G Suite directory`.","description_kind":"markdown","required":true},"type":{"type":"string","description":"The directory type. This will always be `office_365`.","description_kind":"markdown","computed":true}},"description":"Use this data source to get information about a JumpCloud Office 365 directory.","description_kind":"markdown"}}}}}}
