{"format_version":"0.2","provider_schemas":{"registry.terraform.io/saileshgiri/infoblox":{"provider":{"version":0,"block":{"attributes":{"connect_timeout":{"type":"number","description":"Maximum wait for connection, in seconds. Zero or not specified means wait indefinitely.","description_kind":"plain","optional":true},"password":{"type":"string","description":"Password to authenticate with Infoblox server.","description_kind":"plain","required":true},"pool_connections":{"type":"number","description":"Maximum number of connections to establish to the Infoblox server. Zero means unlimited.","description_kind":"plain","optional":true},"port":{"type":"string","description":"Port number used for connection for Infoblox Server.","description_kind":"plain","optional":true},"server":{"type":"string","description":"Infoblox server IP address.","description_kind":"plain","required":true},"sslmode":{"type":"bool","description":"If set, Infoblox client will permit unverifiable SSL certificates.","description_kind":"plain","optional":true},"username":{"type":"string","description":"User to authenticate with Infoblox server.","description_kind":"plain","required":true},"wapi_version":{"type":"string","description":"WAPI Version of Infoblox server defaults to v2.7.","description_kind":"plain","optional":true}},"description_kind":"plain"}},"resource_schemas":{"infoblox_a_record":{"version":0,"block":{"attributes":{"cidr":{"type":"string","description":"The network to allocate IP address when the ip_addr field is empty. Network address in cidr format.","description_kind":"plain","optional":true},"dns_view":{"type":"string","description":"Dns View under which the zone has been created.","description_kind":"plain","optional":true},"id":{"type":"string","description_kind":"plain","optional":true,"computed":true},"ip_addr":{"type":"string","description":"IP address your instance in cloud. For static allocation, set the field with valid IP. For dynamic allocation, leave this field empty and set the cidr field.","description_kind":"plain","required":true},"tenant_id":{"type":"string","description":"Unique identifier of your tenant in cloud.","description_kind":"plain","required":true},"vm_id":{"type":"string","description":"instance id.","description_kind":"plain","optional":true},"vm_name":{"type":"string","description":"The name of the VM.","description_kind":"plain","required":true},"zone":{"type":"string","description":"Zone under which record has to be created.","description_kind":"plain","required":true}},"description_kind":"plain"}},"infoblox_cname_record":{"version":0,"block":{"attributes":{"alias":{"type":"string","description":"The alias name for the record.","description_kind":"plain","required":true},"canonical":{"type":"string","description":"The Canonical name for the record.","description_kind":"plain","required":true},"dns_view":{"type":"string","description":"Dns View under which the zone has been created.","description_kind":"plain","optional":true},"id":{"type":"string","description_kind":"plain","optional":true,"computed":true},"tenant_id":{"type":"string","description":"Unique identifier of your tenant in cloud.","description_kind":"plain","required":true},"vm_id":{"type":"string","description":"Instance id.","description_kind":"plain","optional":true},"zone":{"type":"string","description":"Zone under which record has to be created.","description_kind":"plain","required":true}},"description_kind":"plain"}},"infoblox_ip_allocation":{"version":0,"block":{"attributes":{"cidr":{"type":"string","description":"The address in cidr format.","description_kind":"plain","required":true},"dns_view":{"type":"string","description":"Dns View under which the zone has been created.","description_kind":"plain","optional":true},"enable_dns":{"type":"bool","description":"flag that defines if the host reocrd is used for DNS or IPAM Purposes.","description_kind":"plain","optional":true},"id":{"type":"string","description_kind":"plain","optional":true,"computed":true},"ip_addr":{"type":"string","description":"IP address your instance in cloud.For static allocation ,set the field with valid IP. For dynamic allocation, leave this field empty.","description_kind":"plain","optional":true,"computed":true},"mac_addr":{"type":"string","description":"mac address of your instance in cloud.","description_kind":"plain","optional":true},"network_view_name":{"type":"string","description":"Network view name available in Nios server.","description_kind":"plain","optional":true},"tenant_id":{"type":"string","description":"Unique identifier of your tenant in cloud.","description_kind":"plain","required":true},"vm_id":{"type":"string","description":"instance id.","description_kind":"plain","optional":true},"vm_name":{"type":"string","description":"The name of the VM.","description_kind":"plain","required":true},"zone":{"type":"string","description":"Zone under which host record has to be created.","description_kind":"plain","optional":true}},"description_kind":"plain"}},"infoblox_ip_association":{"version":0,"block":{"attributes":{"cidr":{"type":"string","description":"The address in cidr format.","description_kind":"plain","required":true},"dns_view":{"type":"string","description":"view in which record has to be created.","description_kind":"plain","optional":true},"id":{"type":"string","description_kind":"plain","optional":true,"computed":true},"ip_addr":{"type":"string","description":"IP address your instance in cloud.","description_kind":"plain","required":true},"mac_addr":{"type":"string","description":"mac address of your instance in cloud.","description_kind":"plain","required":true},"network_view_name":{"type":"string","description":"Network view name available in Nios server.","description_kind":"plain","optional":true},"tenant_id":{"type":"string","description":"Unique identifier of your tenant in cloud.","description_kind":"plain","required":true},"vm_id":{"type":"string","description":"instance id.","description_kind":"plain","optional":true},"vm_name":{"type":"string","description":"The name of the vm.","description_kind":"plain","optional":true},"zone":{"type":"string","description":"zone under which record has been created.","description_kind":"plain","optional":true}},"description_kind":"plain"}},"infoblox_network":{"version":0,"block":{"attributes":{"allocate_prefix_len":{"type":"number","description":"Set parameter value\u003e0 to allocate next available network with prefix=value from network container defined by parent_cidr.","description_kind":"plain","optional":true},"cidr":{"type":"string","description":"The network block in cidr format.","description_kind":"plain","optional":true,"computed":true},"gateway":{"type":"string","description":"gateway ip address of your network block.By default first IPv4 address is set as gateway address.","description_kind":"plain","optional":true,"computed":true},"id":{"type":"string","description_kind":"plain","optional":true,"computed":true},"network_name":{"type":"string","description":"The name of your network block.","description_kind":"plain","optional":true},"network_view_name":{"type":"string","description":"Network view name available in NIOS Server.","description_kind":"plain","optional":true},"parent_cidr":{"type":"string","description":"The parent network container block in cidr format to allocate from.","description_kind":"plain","optional":true},"reserve_ip":{"type":"number","description":"The no of IP's you want to reserve.","description_kind":"plain","optional":true},"tenant_id":{"type":"string","description":"Unique identifier of your tenant in cloud.","description_kind":"plain","required":true}},"description_kind":"plain"}},"infoblox_network_view":{"version":0,"block":{"attributes":{"id":{"type":"string","description_kind":"plain","optional":true,"computed":true},"network_view_name":{"type":"string","description":"Desired name of the view shown in NIOS appliance.","description_kind":"plain","required":true},"network_view_ref":{"type":"string","description_kind":"plain","computed":true},"tenant_id":{"type":"string","description":"Unique identifier of your tenant in cloud.","description_kind":"plain","required":true}},"description_kind":"plain"}},"infoblox_ptr_record":{"version":0,"block":{"attributes":{"cidr":{"type":"string","description":"The network to allocate IP address when the ip_addr field is empty. Network address in cidr format.","description_kind":"plain","optional":true},"dns_view":{"type":"string","description":"Dns View under which the zone has been created.","description_kind":"plain","optional":true},"id":{"type":"string","description_kind":"plain","optional":true,"computed":true},"ip_addr":{"type":"string","description":"IP address your instance in cloud. For static allocation, set the field with valid IP. For dynamic allocation, leave this field empty and set the cidr field.","description_kind":"plain","required":true},"tenant_id":{"type":"string","description":"Unique identifier of your tenant in cloud.","description_kind":"plain","required":true},"vm_id":{"type":"string","description":"instance id.","description_kind":"plain","optional":true},"vm_name":{"type":"string","description":"The name of the VM.","description_kind":"plain","required":true},"zone":{"type":"string","description":"Zone under which record has to be created.","description_kind":"plain","required":true}},"description_kind":"plain"}}},"data_source_schemas":{"infoblox_a_record":{"version":0,"block":{"attributes":{"dns_view":{"type":"string","description":"Dns View under which the zone has been created.","description_kind":"plain","optional":true,"computed":true},"eas":{"type":["map","string"],"description":"Extension attributes","description_kind":"plain","computed":true},"first_record":{"type":"bool","description":"Return first found record. Raise error if set to false and more than one record found.","description_kind":"plain","optional":true},"fqdn":{"type":"string","description":"A record FQDN.","description_kind":"plain","optional":true,"computed":true},"id":{"type":"string","description_kind":"plain","computed":true},"ip_addr":{"type":"string","description":"IP address.","description_kind":"plain","optional":true,"computed":true},"zone":{"type":"string","description":"Zone under which record has been created.","description_kind":"plain","optional":true,"computed":true}},"description_kind":"plain"}},"infoblox_cname_record":{"version":0,"block":{"attributes":{"canonical":{"type":"string","description":"Canonical name.","description_kind":"plain","optional":true,"computed":true},"dns_view":{"type":"string","description":"Dns View under which the zone has been created.","description_kind":"plain","optional":true,"computed":true},"eas":{"type":["map","string"],"description":"Extension attributes","description_kind":"plain","computed":true},"first_record":{"type":"bool","description":"Return first found record. Raise error if set to false and more than one record found.","description_kind":"plain","optional":true},"fqdn":{"type":"string","description":"A record FQDN.","description_kind":"plain","optional":true,"computed":true},"id":{"type":"string","description_kind":"plain","computed":true},"zone":{"type":"string","description":"Zone under which record has been created.","description_kind":"plain","optional":true,"computed":true}},"description_kind":"plain"}},"infoblox_network":{"version":0,"block":{"attributes":{"cidr":{"type":"string","description_kind":"plain","required":true},"gateway":{"type":"string","description_kind":"plain","computed":true},"id":{"type":"string","description_kind":"plain","optional":true,"computed":true},"network_name":{"type":"string","description_kind":"plain","computed":true},"network_view_name":{"type":"string","description_kind":"plain","optional":true},"tenant_id":{"type":"string","description_kind":"plain","required":true}},"description_kind":"plain"}}}}}}
