{"format_version":"0.2","provider_schemas":{"registry.terraform.io/saltxwater/dremio":{"provider":{"version":0,"block":{"attributes":{"api_key":{"type":"string","description_kind":"plain","optional":true,"sensitive":true},"dremio_url":{"type":"string","description_kind":"plain","required":true},"password":{"type":"string","description_kind":"plain","optional":true,"sensitive":true},"username":{"type":"string","description_kind":"plain","optional":true}},"description_kind":"plain"}},"resource_schemas":{"dremio_aggr_reflection":{"version":0,"block":{"attributes":{"dataset_id":{"type":"string","description_kind":"plain","required":true},"dimension_fields":{"type":["list","string"],"description_kind":"plain","required":true},"distribution_fields":{"type":["list","string"],"description_kind":"plain","optional":true},"enabled":{"type":"bool","description_kind":"plain","optional":true},"id":{"type":"string","description_kind":"plain","optional":true,"computed":true},"measure_fields_sum":{"type":["list","string"],"description_kind":"plain","optional":true},"name":{"type":"string","description_kind":"plain","required":true},"partition_distribution_strategy":{"type":"string","description_kind":"plain","optional":true},"partition_fields":{"type":["list","string"],"description_kind":"plain","optional":true},"sort_fields":{"type":["list","string"],"description_kind":"plain","optional":true},"timestamp_date_dimension_fields":{"type":["list","string"],"description_kind":"plain","optional":true}},"description_kind":"plain"}},"dremio_entity_tags":{"version":0,"block":{"attributes":{"entity_id":{"type":"string","description_kind":"plain","required":true},"id":{"type":"string","description_kind":"plain","optional":true,"computed":true},"tags":{"type":["list","string"],"description_kind":"plain","required":true}},"description_kind":"plain"}},"dremio_entity_wiki":{"version":0,"block":{"attributes":{"entity_id":{"type":"string","description_kind":"plain","required":true},"id":{"type":"string","description_kind":"plain","optional":true,"computed":true},"text":{"type":"string","description_kind":"plain","required":true}},"description_kind":"plain"}},"dremio_folder":{"version":0,"block":{"attributes":{"id":{"type":"string","description_kind":"plain","optional":true,"computed":true},"path":{"type":["list","string"],"description_kind":"plain","required":true}},"description_kind":"plain"}},"dremio_physical_dataset":{"version":0,"block":{"attributes":{"acc_grace_period_ms":{"type":"number","description_kind":"plain","optional":true},"acc_method":{"type":"string","description_kind":"plain","optional":true},"acc_never_expire":{"type":"bool","description_kind":"plain","optional":true},"acc_never_refresh":{"type":"bool","description_kind":"plain","optional":true},"acc_refresh_field":{"type":"string","description_kind":"plain","optional":true},"acc_refresh_period_ms":{"type":"number","description_kind":"plain","optional":true},"fields":{"type":["list",["object",{"name":"string","type":"string"}]],"description_kind":"plain","computed":true,"sensitive":true},"id":{"type":"string","description_kind":"plain","optional":true,"computed":true},"path":{"type":["list","string"],"description_kind":"plain","computed":true},"query_path":{"type":"string","description_kind":"plain","computed":true},"relative_path":{"type":["list","string"],"description_kind":"plain","required":true},"source_id":{"type":"string","description_kind":"plain","required":true}},"description_kind":"plain"}},"dremio_promoted_dataset":{"version":0,"block":{"attributes":{"acc_grace_period_ms":{"type":"number","description_kind":"plain","optional":true},"acc_method":{"type":"string","description_kind":"plain","optional":true},"acc_never_expire":{"type":"bool","description_kind":"plain","optional":true},"acc_never_refresh":{"type":"bool","description_kind":"plain","optional":true},"acc_refresh_field":{"type":"string","description_kind":"plain","optional":true},"acc_refresh_period_ms":{"type":"number","description_kind":"plain","optional":true},"auto_generate_column_names":{"type":"bool","description_kind":"plain","optional":true},"comment":{"type":"string","description_kind":"plain","optional":true},"escape":{"type":"string","description_kind":"plain","optional":true},"extract_header":{"type":"bool","description_kind":"plain","optional":true},"field_delimiter":{"type":"string","description_kind":"plain","optional":true},"fields":{"type":["list",["object",{"name":"string","type":"string"}]],"description_kind":"plain","computed":true,"sensitive":true},"has_merged_cells":{"type":"bool","description_kind":"plain","optional":true},"id":{"type":"string","description_kind":"plain","optional":true,"computed":true},"line_delimiter":{"type":"string","description_kind":"plain","optional":true},"path":{"type":["list","string"],"description_kind":"plain","computed":true},"query_path":{"type":"string","description_kind":"plain","computed":true},"quote":{"type":"string","description_kind":"plain","optional":true},"relative_path":{"type":["list","string"],"description_kind":"plain","required":true},"sheet_name":{"type":"string","description_kind":"plain","optional":true},"skip_first_line":{"type":"bool","description_kind":"plain","optional":true},"source_id":{"type":"string","description_kind":"plain","required":true},"trim_header":{"type":"bool","description_kind":"plain","optional":true},"type":{"type":"string","description_kind":"plain","required":true}},"description_kind":"plain"}},"dremio_raw_reflection":{"version":0,"block":{"attributes":{"dataset_id":{"type":"string","description_kind":"plain","required":true},"display_fields":{"type":["list","string"],"description_kind":"plain","required":true},"distribution_fields":{"type":["list","string"],"description_kind":"plain","optional":true},"enabled":{"type":"bool","description_kind":"plain","optional":true},"id":{"type":"string","description_kind":"plain","optional":true,"computed":true},"name":{"type":"string","description_kind":"plain","optional":true},"partition_distribution_strategy":{"type":"string","description_kind":"plain","optional":true},"partition_fields":{"type":["list","string"],"description_kind":"plain","optional":true},"sort_fields":{"type":["list","string"],"description_kind":"plain","optional":true}},"description_kind":"plain"}},"dremio_source":{"version":0,"block":{"attributes":{"acc_grace_period_ms":{"type":"number","description_kind":"plain","optional":true},"acc_never_expire":{"type":"bool","description_kind":"plain","optional":true},"acc_never_refresh":{"type":"bool","description_kind":"plain","optional":true},"acc_refresh_period_ms":{"type":"number","description_kind":"plain","optional":true},"auth_ttl_ms":{"type":"number","description_kind":"plain","optional":true},"dataset_expire_after_ms":{"type":"number","description_kind":"plain","optional":true},"dataset_refresh_after_ms":{"type":"number","description_kind":"plain","optional":true},"description":{"type":"string","description_kind":"plain","optional":true},"id":{"type":"string","description_kind":"plain","optional":true,"computed":true},"name":{"type":"string","description_kind":"plain","required":true},"names_refresh_ms":{"type":"number","description_kind":"plain","optional":true},"path":{"type":["list","string"],"description_kind":"plain","computed":true},"type":{"type":"string","description_kind":"plain","required":true},"update_mode":{"type":"string","description_kind":"plain","optional":true}},"block_types":{"config":{"nesting_mode":"list","block":{"attributes":{"authentication_type":{"type":"string","description_kind":"plain","optional":true},"database":{"type":"string","description_kind":"plain","optional":true},"fetch_size":{"type":"number","description_kind":"plain","optional":true},"hostname":{"type":"string","description_kind":"plain","optional":true},"mount_path":{"type":"string","description_kind":"plain","optional":true},"port":{"type":"string","description_kind":"plain","optional":true},"show_only_connection_database":{"type":"bool","description_kind":"plain","optional":true},"username":{"type":"string","description_kind":"plain","optional":true}},"description_kind":"plain"},"min_items":1},"secure_config":{"nesting_mode":"list","block":{"attributes":{"password":{"type":"string","description_kind":"plain","optional":true,"sensitive":true}},"description_kind":"plain"}}},"description_kind":"plain"}},"dremio_space":{"version":0,"block":{"attributes":{"id":{"type":"string","description_kind":"plain","optional":true,"computed":true},"name":{"type":"string","description_kind":"plain","required":true},"path":{"type":["list","string"],"description_kind":"plain","computed":true}},"description_kind":"plain"}},"dremio_virtual_dataset":{"version":0,"block":{"attributes":{"fields":{"type":["list",["object",{"name":"string","type":"string"}]],"description_kind":"plain","computed":true,"sensitive":true},"id":{"type":"string","description_kind":"plain","optional":true,"computed":true},"name":{"type":"string","description_kind":"plain","required":true},"parent_id":{"type":"string","description_kind":"plain","required":true},"path":{"type":["list","string"],"description_kind":"plain","computed":true},"query_path":{"type":"string","description_kind":"plain","computed":true},"sql":{"type":"string","description_kind":"plain","required":true},"sql_context":{"type":["list","string"],"description_kind":"plain","optional":true}},"description_kind":"plain"}}},"data_source_schemas":{"dremio_summary":{"version":0,"block":{"attributes":{"id":{"type":"string","description_kind":"plain","optional":true,"computed":true},"summary":{"type":["list",["object",{"id":"string","type":"string"}]],"description_kind":"plain","computed":true}},"description_kind":"plain"}}}}}}
