{"format_version":"0.2","provider_schemas":{"registry.terraform.io/sbecker59/statuspage":{"provider":{"version":0,"block":{"attributes":{"api_key":{"type":"string","description_kind":"plain","optional":true}},"description_kind":"plain"}},"resource_schemas":{"statuspage_component":{"version":0,"block":{"attributes":{"automation_email":{"type":"string","description_kind":"plain","computed":true},"description":{"type":"string","description":"More detailed description for the component","description_kind":"plain","optional":true},"id":{"type":"string","description_kind":"plain","optional":true,"computed":true},"name":{"type":"string","description":"Display Name for the component","description_kind":"plain","required":true},"only_show_if_degraded":{"type":"bool","description_kind":"plain","optional":true},"page_id":{"type":"string","description":"the ID of the page this component belongs to","description_kind":"plain","required":true},"showcase":{"type":"bool","description":"Should this component be shown component only if in degraded state","description_kind":"plain","optional":true},"start_date":{"type":"string","description":"Should this component be showcased","description_kind":"plain","optional":true},"status":{"type":"string","description_kind":"plain","optional":true}},"description_kind":"plain"}},"statuspage_component_group":{"version":0,"block":{"attributes":{"components":{"type":["set","string"],"description":"An array with the IDs of the components in this group","description_kind":"plain","required":true},"description":{"type":"string","description":"More detailed description for this component group","description_kind":"plain","optional":true},"id":{"type":"string","description_kind":"plain","optional":true,"computed":true},"name":{"type":"string","description":"An array with the IDs of the components in this group","description_kind":"plain","required":true},"page_id":{"type":"string","description":"the ID of the page this component group belongs to","description_kind":"plain","required":true}},"description_kind":"plain"}},"statuspage_incident":{"version":0,"block":{"attributes":{"body":{"type":"string","description":"The initial message, created as the first incident update","description_kind":"plain","optional":true},"id":{"type":"string","description_kind":"plain","optional":true,"computed":true},"impact_override":{"type":"string","description":"value to override calculated impact value","description_kind":"plain","optional":true},"name":{"type":"string","description":"Incident Name","description_kind":"plain","required":true},"page_id":{"type":"string","description":"the ID of the page this component belongs to","description_kind":"plain","required":true},"scheduled_auto_completed":{"type":"bool","description_kind":"plain","optional":true},"scheduled_auto_in_progress":{"type":"bool","description_kind":"plain","optional":true},"scheduled_remind_prior":{"type":"bool","description_kind":"plain","optional":true},"status":{"type":"string","description":"The incident status. For realtime incidents, valid values are investigating, identified, monitoring, and resolved. For scheduled incidents, valid values are scheduled, in_progress, verifying, and completed.","description_kind":"plain","optional":true}},"block_types":{"component":{"nesting_mode":"set","block":{"attributes":{"id":{"type":"string","description":"Identifier for component","description_kind":"plain","required":true},"name":{"type":"string","description":"Display name for component","description_kind":"plain","required":true},"status":{"type":"string","description":"Status of component","description_kind":"plain","optional":true}},"description":"List of component_ids affected by this incident","description_kind":"plain"}}},"description_kind":"plain"}},"statuspage_metric":{"version":0,"block":{"attributes":{"id":{"type":"string","description_kind":"plain","optional":true,"computed":true}},"description_kind":"plain"}},"statuspage_metric_provider":{"version":0,"block":{"attributes":{"api_key":{"type":"string","description":"Required by the Datadog and NewRelic type metrics providers","description_kind":"plain","optional":true,"sensitive":true},"api_token":{"type":"string","description":"Required by the Librato, Pingdom and Datadog type metrics providers","description_kind":"plain","optional":true,"sensitive":true},"application_key":{"type":"string","description":"Required by the Pingdom-type metrics provider","description_kind":"plain","optional":true,"sensitive":true},"email":{"type":"string","description":"Required by the Librato and Pingdom type metrics providers","description_kind":"plain","optional":true},"id":{"type":"string","description_kind":"plain","optional":true,"computed":true},"metric_base_uri":{"type":"string","description":"Required by the NewRelic-type metrics provider","description_kind":"plain","optional":true},"page_id":{"type":"string","description":"the ID of the page this component group belongs to","description_kind":"plain","required":true},"password":{"type":"string","description":"Required by the Pingdom-type metrics provider","description_kind":"plain","optional":true,"sensitive":true},"type":{"type":"string","description":"One of 'Pingdom', 'NewRelic', 'Librato', 'Datadog', or 'Self'","description_kind":"plain","required":true}},"description_kind":"plain"}},"statuspage_page_access_group":{"version":0,"block":{"attributes":{"components":{"type":["set","string"],"description":"An array with the IDs of the components in this group","description_kind":"plain","optional":true},"external_identifier":{"type":"string","description":"Associates group with external group","description_kind":"plain","optional":true},"id":{"type":"string","description_kind":"plain","optional":true,"computed":true},"metrics":{"type":["set","string"],"description":"An array with the IDs of the metrics in this group","description_kind":"plain","optional":true},"name":{"type":"string","description":"Name for this Group.","description_kind":"plain","required":true},"page_id":{"type":"string","description":"the ID of the page this component group belongs to","description_kind":"plain","required":true},"users":{"type":["set","string"],"description":"An array with the Page Access User IDs that are in this group","description_kind":"plain","optional":true}},"description_kind":"plain"}},"statuspage_page_access_user":{"version":0,"block":{"attributes":{"email":{"type":"string","description":"The email of the user","description_kind":"plain","required":true},"id":{"type":"string","description_kind":"plain","optional":true,"computed":true},"page_id":{"type":"string","description":"the ID of the page this user belongs to","description_kind":"plain","required":true}},"description_kind":"plain"}},"statuspage_subscriber":{"version":0,"block":{"attributes":{"email":{"type":"string","description":"the email address for creating Email and Webhook subscribers","description_kind":"plain","optional":true},"endpoint":{"type":"string","description":"The endpoint URI for creating Webhook subscribers","description_kind":"plain","optional":true},"id":{"type":"string","description_kind":"plain","optional":true,"computed":true},"page_id":{"type":"string","description":"the ID of the page this component belongs to","description_kind":"plain","required":true}},"description_kind":"plain"}}},"data_source_schemas":{"statuspage_component_groups":{"version":0,"block":{"attributes":{"component_groups":{"type":["list",["object",{"components":["list","string"],"description":"string","id":"string","name":"string","position":"number"}]],"description_kind":"plain","computed":true},"id":{"type":"string","description_kind":"plain","optional":true,"computed":true},"page_id":{"type":"string","description":"the ID of the page this component belongs to","description_kind":"plain","required":true}},"block_types":{"filter":{"nesting_mode":"set","block":{"attributes":{"name":{"type":"string","description_kind":"plain","required":true},"regex":{"type":"bool","description_kind":"plain","optional":true},"values":{"type":["list","string"],"description_kind":"plain","required":true}},"description_kind":"plain"}}},"description_kind":"plain"}},"statuspage_components":{"version":0,"block":{"attributes":{"components":{"type":["list",["object",{"automation_email":"string","description":"string","group_id":"string","id":"string","name":"string","position":"number"}]],"description_kind":"plain","computed":true},"id":{"type":"string","description_kind":"plain","optional":true,"computed":true},"page_id":{"type":"string","description":"the ID of the page this component belongs to","description_kind":"plain","required":true}},"block_types":{"filter":{"nesting_mode":"set","block":{"attributes":{"name":{"type":"string","description_kind":"plain","required":true},"regex":{"type":"bool","description_kind":"plain","optional":true},"values":{"type":["list","string"],"description_kind":"plain","required":true}},"description_kind":"plain"}}},"description_kind":"plain"}}}}}}
