{"format_version":"0.2","provider_schemas":{"registry.terraform.io/sbercloud-terraform/sbercloud":{"provider":{"version":0,"block":{"attributes":{"access_key":{"type":"string","description_kind":"plain","optional":true},"account_name":{"type":"string","description":"The name of the Account to login with.","description_kind":"plain","optional":true},"auth_url":{"type":"string","description":"The Identity authentication URL.","description_kind":"plain","optional":true},"enterprise_project_id":{"type":"string","description_kind":"plain","optional":true},"insecure":{"type":"bool","description":"Trust self-signed certificates.","description_kind":"plain","optional":true},"max_retries":{"type":"number","description_kind":"plain","optional":true},"password":{"type":"string","description":"Password to login with.","description_kind":"plain","optional":true,"sensitive":true},"project_name":{"type":"string","description":"The name of the Project to login with.","description_kind":"plain","optional":true},"region":{"type":"string","description":"The SberCloud region to connect to.","description_kind":"plain","required":true},"secret_key":{"type":"string","description_kind":"plain","optional":true},"user_name":{"type":"string","description":"Username to login with.","description_kind":"plain","optional":true}},"description_kind":"plain"}},"resource_schemas":{"sbercloud_api_gateway_api":{"version":0,"block":{"attributes":{"auth_type":{"type":"string","description_kind":"plain","required":true},"backend_type":{"type":"string","description_kind":"plain","required":true},"cors":{"type":"bool","description_kind":"plain","optional":true},"description":{"type":"string","description_kind":"plain","optional":true},"example_failure_response":{"type":"string","description_kind":"plain","optional":true},"example_success_response":{"type":"string","description_kind":"plain","required":true},"group_id":{"type":"string","description_kind":"plain","required":true},"group_name":{"type":"string","description_kind":"plain","computed":true},"id":{"type":"string","description_kind":"plain","optional":true,"computed":true},"name":{"type":"string","description_kind":"plain","required":true},"region":{"type":"string","description_kind":"plain","optional":true,"computed":true},"request_method":{"type":"string","description_kind":"plain","required":true},"request_protocol":{"type":"string","description_kind":"plain","optional":true},"request_uri":{"type":"string","description_kind":"plain","required":true},"tags":{"type":["set","string"],"description_kind":"plain","optional":true},"version":{"type":"string","description_kind":"plain","optional":true,"computed":true},"visibility":{"type":"number","description_kind":"plain","optional":true}},"block_types":{"backend_parameter":{"nesting_mode":"list","block":{"attributes":{"description":{"type":"string","description_kind":"plain","optional":true},"location":{"type":"string","description_kind":"plain","required":true},"name":{"type":"string","description_kind":"plain","required":true},"type":{"type":"string","description_kind":"plain","optional":true},"value":{"type":"string","description_kind":"plain","required":true}},"description_kind":"plain"}},"function_backend":{"nesting_mode":"list","block":{"attributes":{"function_urn":{"type":"string","description_kind":"plain","required":true},"invocation_type":{"type":"string","description_kind":"plain","required":true},"timeout":{"type":"number","description_kind":"plain","optional":true},"version":{"type":"string","description_kind":"plain","required":true}},"description_kind":"plain"},"max_items":1},"http_backend":{"nesting_mode":"list","block":{"attributes":{"method":{"type":"string","description_kind":"plain","required":true},"protocol":{"type":"string","description_kind":"plain","required":true},"timeout":{"type":"number","description_kind":"plain","optional":true},"uri":{"type":"string","description_kind":"plain","required":true},"url_domain":{"type":"string","description_kind":"plain","optional":true},"vpc_channel":{"type":"string","description_kind":"plain","optional":true}},"description_kind":"plain"},"max_items":1},"mock_backend":{"nesting_mode":"list","block":{"attributes":{"description":{"type":"string","description_kind":"plain","optional":true},"result_content":{"type":"string","description_kind":"plain","optional":true},"version":{"type":"string","description_kind":"plain","optional":true}},"description_kind":"plain"},"max_items":1},"request_parameter":{"nesting_mode":"list","block":{"attributes":{"default":{"type":"string","description_kind":"plain","optional":true},"description":{"type":"string","description_kind":"plain","optional":true},"location":{"type":"string","description_kind":"plain","required":true},"name":{"type":"string","description_kind":"plain","required":true},"required":{"type":"bool","description_kind":"plain","required":true},"type":{"type":"string","description_kind":"plain","required":true}},"description_kind":"plain"}},"timeouts":{"nesting_mode":"single","block":{"attributes":{"create":{"type":"string","description_kind":"plain","optional":true},"delete":{"type":"string","description_kind":"plain","optional":true}},"description_kind":"plain"}}},"description_kind":"plain"}},"sbercloud_api_gateway_group":{"version":0,"block":{"attributes":{"description":{"type":"string","description_kind":"plain","optional":true},"id":{"type":"string","description_kind":"plain","optional":true,"computed":true},"name":{"type":"string","description_kind":"plain","required":true},"region":{"type":"string","description_kind":"plain","optional":true,"computed":true},"status":{"type":"number","description_kind":"plain","computed":true}},"block_types":{"timeouts":{"nesting_mode":"single","block":{"attributes":{"create":{"type":"string","description_kind":"plain","optional":true},"delete":{"type":"string","description_kind":"plain","optional":true}},"description_kind":"plain"}}},"description_kind":"plain"}},"sbercloud_as_configuration":{"version":0,"block":{"attributes":{"id":{"type":"string","description_kind":"plain","optional":true,"computed":true},"region":{"type":"string","description_kind":"plain","optional":true,"computed":true},"scaling_configuration_name":{"type":"string","description_kind":"plain","required":true}},"block_types":{"instance_config":{"nesting_mode":"list","block":{"attributes":{"flavor":{"type":"string","description_kind":"plain","required":true},"image":{"type":"string","description_kind":"plain","optional":true},"instance_id":{"type":"string","description_kind":"plain","optional":true},"key_name":{"type":"string","description_kind":"plain","required":true},"metadata":{"type":["map","string"],"description_kind":"plain","optional":true},"user_data":{"type":"string","description_kind":"plain","optional":true}},"block_types":{"disk":{"nesting_mode":"list","block":{"attributes":{"disk_type":{"type":"string","description_kind":"plain","required":true},"kms_id":{"type":"string","description_kind":"plain","optional":true},"size":{"type":"number","description_kind":"plain","required":true},"volume_type":{"type":"string","description_kind":"plain","required":true}},"description_kind":"plain"}},"personality":{"nesting_mode":"list","block":{"attributes":{"content":{"type":"string","description_kind":"plain","required":true},"path":{"type":"string","description_kind":"plain","required":true}},"description_kind":"plain"},"max_items":5},"public_ip":{"nesting_mode":"list","block":{"block_types":{"eip":{"nesting_mode":"list","block":{"attributes":{"ip_type":{"type":"string","description_kind":"plain","required":true}},"block_types":{"bandwidth":{"nesting_mode":"list","block":{"attributes":{"charging_mode":{"type":"string","description_kind":"plain","required":true},"share_type":{"type":"string","description_kind":"plain","required":true},"size":{"type":"number","description_kind":"plain","required":true}},"description_kind":"plain"},"min_items":1,"max_items":1}},"description_kind":"plain"},"min_items":1,"max_items":1}},"description_kind":"plain"},"max_items":1}},"description_kind":"plain"},"min_items":1,"max_items":1}},"description_kind":"plain"}},"sbercloud_as_group":{"version":0,"block":{"attributes":{"available_zones":{"type":["list","string"],"description_kind":"plain","optional":true},"cool_down_time":{"type":"number","description":"The cooling duration, in seconds.","description_kind":"plain","optional":true},"current_instance_number":{"type":"number","description_kind":"plain","computed":true},"delete_instances":{"type":"string","description":"Whether to delete instances when they are removed from the AS group.","description_kind":"plain","optional":true},"delete_publicip":{"type":"bool","description_kind":"plain","optional":true},"desire_instance_number":{"type":"number","description_kind":"plain","optional":true},"enable":{"type":"bool","description_kind":"plain","optional":true},"enterprise_project_id":{"type":"string","description_kind":"plain","optional":true,"computed":true},"health_periodic_audit_method":{"type":"string","description_kind":"plain","optional":true},"health_periodic_audit_time":{"type":"number","description":"The health check period for instances, in minutes.","description_kind":"plain","optional":true},"id":{"type":"string","description_kind":"plain","optional":true,"computed":true},"instance_terminate_policy":{"type":"string","description_kind":"plain","optional":true},"instances":{"type":["list","string"],"description":"The instances id list in the as group.","description_kind":"plain","computed":true},"lb_listener_id":{"type":"string","description":"The system supports the binding of up to six ELB listeners, the IDs of which are separated using a comma.","description_kind":"plain","deprecated":true,"optional":true},"max_instance_number":{"type":"number","description_kind":"plain","optional":true},"min_instance_number":{"type":"number","description_kind":"plain","optional":true},"notifications":{"type":["list","string"],"description_kind":"plain","optional":true},"region":{"type":"string","description_kind":"plain","optional":true,"computed":true},"scaling_configuration_id":{"type":"string","description_kind":"plain","optional":true,"computed":true},"scaling_group_name":{"type":"string","description_kind":"plain","required":true},"status":{"type":"string","description_kind":"plain","computed":true},"tags":{"type":["map","string"],"description_kind":"plain","optional":true},"vpc_id":{"type":"string","description_kind":"plain","required":true}},"block_types":{"lbaas_listeners":{"nesting_mode":"list","block":{"attributes":{"pool_id":{"type":"string","description_kind":"plain","required":true},"protocol_port":{"type":"number","description_kind":"plain","required":true},"weight":{"type":"number","description_kind":"plain","optional":true}},"description_kind":"plain"},"max_items":6},"networks":{"nesting_mode":"list","block":{"attributes":{"id":{"type":"string","description_kind":"plain","required":true}},"description_kind":"plain"},"min_items":1,"max_items":5},"security_groups":{"nesting_mode":"list","block":{"attributes":{"id":{"type":"string","description_kind":"plain","required":true}},"description_kind":"plain"},"min_items":1},"timeouts":{"nesting_mode":"single","block":{"attributes":{"create":{"type":"string","description_kind":"plain","optional":true},"delete":{"type":"string","description_kind":"plain","optional":true}},"description_kind":"plain"}}},"description_kind":"plain"}},"sbercloud_as_policy":{"version":0,"block":{"attributes":{"alarm_id":{"type":"string","description_kind":"plain","optional":true},"cool_down_time":{"type":"number","description_kind":"plain","optional":true},"id":{"type":"string","description_kind":"plain","optional":true,"computed":true},"region":{"type":"string","description_kind":"plain","optional":true,"computed":true},"scaling_group_id":{"type":"string","description_kind":"plain","required":true},"scaling_policy_name":{"type":"string","description_kind":"plain","required":true},"scaling_policy_type":{"type":"string","description_kind":"plain","required":true}},"block_types":{"scaling_policy_action":{"nesting_mode":"list","block":{"attributes":{"instance_number":{"type":"number","description_kind":"plain","optional":true},"operation":{"type":"string","description_kind":"plain","optional":true}},"description_kind":"plain"},"max_items":1},"scheduled_policy":{"nesting_mode":"list","block":{"attributes":{"end_time":{"type":"string","description_kind":"plain","optional":true},"launch_time":{"type":"string","description_kind":"plain","required":true},"recurrence_type":{"type":"string","description_kind":"plain","optional":true},"recurrence_value":{"type":"string","description_kind":"plain","optional":true},"start_time":{"type":"string","description_kind":"plain","optional":true}},"description_kind":"plain"},"max_items":1}},"description_kind":"plain"}},"sbercloud_cce_cluster":{"version":0,"block":{"attributes":{"annotations":{"type":["map","string"],"description_kind":"plain","optional":true},"authenticating_proxy_ca":{"type":"string","description_kind":"plain","optional":true},"authentication_mode":{"type":"string","description_kind":"plain","optional":true},"auto_renew":{"type":"string","description_kind":"plain","optional":true},"billing_mode":{"type":"number","description_kind":"plain","deprecated":true,"optional":true,"computed":true},"certificate_clusters":{"type":["list",["object",{"certificate_authority_data":"string","name":"string","server":"string"}]],"description_kind":"plain","computed":true},"certificate_users":{"type":["list",["object",{"client_certificate_data":"string","client_key_data":"string","name":"string"}]],"description_kind":"plain","computed":true},"charging_mode":{"type":"string","description_kind":"plain","optional":true,"computed":true},"cluster_type":{"type":"string","description_kind":"plain","optional":true},"cluster_version":{"type":"string","description_kind":"plain","optional":true,"computed":true},"container_network_cidr":{"type":"string","description_kind":"plain","optional":true,"computed":true},"container_network_type":{"type":"string","description_kind":"plain","required":true},"delete_all":{"type":"string","description_kind":"plain","optional":true},"delete_efs":{"type":"string","description_kind":"plain","optional":true},"delete_eni":{"type":"string","description_kind":"plain","optional":true},"delete_evs":{"type":"string","description_kind":"plain","optional":true},"delete_net":{"type":"string","description_kind":"plain","optional":true},"delete_obs":{"type":"string","description_kind":"plain","optional":true},"delete_sfs":{"type":"string","description_kind":"plain","optional":true},"description":{"type":"string","description_kind":"plain","optional":true,"computed":true},"eip":{"type":"string","description_kind":"plain","optional":true},"eni_subnet_cidr":{"type":"string","description_kind":"plain","optional":true,"computed":true},"eni_subnet_id":{"type":"string","description_kind":"plain","optional":true,"computed":true},"enterprise_project_id":{"type":"string","description_kind":"plain","optional":true,"computed":true},"extend_param":{"type":["map","string"],"description_kind":"plain","optional":true},"flavor_id":{"type":"string","description_kind":"plain","required":true},"highway_subnet_id":{"type":"string","description_kind":"plain","optional":true,"computed":true},"id":{"type":"string","description_kind":"plain","optional":true,"computed":true},"kube_config_raw":{"type":"string","description_kind":"plain","computed":true},"kube_proxy_mode":{"type":"string","description_kind":"plain","optional":true},"labels":{"type":["map","string"],"description_kind":"plain","optional":true},"multi_az":{"type":"bool","description_kind":"plain","optional":true},"name":{"type":"string","description_kind":"plain","required":true},"period":{"type":"number","description_kind":"plain","optional":true},"period_unit":{"type":"string","description_kind":"plain","optional":true},"region":{"type":"string","description_kind":"plain","optional":true,"computed":true},"security_group_id":{"type":"string","description_kind":"plain","computed":true},"service_network_cidr":{"type":"string","description_kind":"plain","optional":true,"computed":true},"status":{"type":"string","description_kind":"plain","computed":true},"subnet_id":{"type":"string","description_kind":"plain","required":true},"vpc_id":{"type":"string","description_kind":"plain","required":true}},"block_types":{"masters":{"nesting_mode":"list","block":{"attributes":{"availability_zone":{"type":"string","description_kind":"plain","optional":true,"computed":true}},"description_kind":"plain"},"max_items":3},"timeouts":{"nesting_mode":"single","block":{"attributes":{"create":{"type":"string","description_kind":"plain","optional":true},"delete":{"type":"string","description_kind":"plain","optional":true}},"description_kind":"plain"}}},"description_kind":"plain"}},"sbercloud_cce_node":{"version":0,"block":{"attributes":{"annotations":{"type":["map","string"],"description_kind":"plain","optional":true},"auto_renew":{"type":"string","description_kind":"plain","optional":true},"availability_zone":{"type":"string","description_kind":"plain","required":true},"bandwidth_charge_mode":{"type":"string","description_kind":"plain","optional":true},"bandwidth_size":{"type":"number","description_kind":"plain","optional":true},"billing_mode":{"type":"number","description_kind":"plain","deprecated":true,"optional":true,"computed":true},"charging_mode":{"type":"string","description_kind":"plain","optional":true,"computed":true},"cluster_id":{"type":"string","description_kind":"plain","required":true},"ecs_group_id":{"type":"string","description_kind":"plain","optional":true},"ecs_performance_type":{"type":"string","description_kind":"plain","optional":true},"eip_id":{"type":"string","description_kind":"plain","optional":true},"eip_ids":{"type":["set","string"],"description_kind":"plain","deprecated":true,"optional":true},"extend_param":{"type":["map","string"],"description_kind":"plain","optional":true},"extend_param_charging_mode":{"type":"number","description_kind":"plain","deprecated":true,"optional":true},"fixed_ip":{"type":"string","description_kind":"plain","optional":true},"flavor_id":{"type":"string","description_kind":"plain","required":true},"id":{"type":"string","description_kind":"plain","optional":true,"computed":true},"iptype":{"type":"string","description_kind":"plain","optional":true},"key_pair":{"type":"string","description_kind":"plain","optional":true},"labels":{"type":["map","string"],"description_kind":"plain","optional":true},"max_pods":{"type":"number","description_kind":"plain","optional":true},"name":{"type":"string","description_kind":"plain","optional":true,"computed":true},"order_id":{"type":"string","description_kind":"plain","deprecated":true,"optional":true},"os":{"type":"string","description_kind":"plain","optional":true,"computed":true},"password":{"type":"string","description_kind":"plain","optional":true,"sensitive":true},"period":{"type":"number","description_kind":"plain","optional":true},"period_unit":{"type":"string","description_kind":"plain","optional":true},"postinstall":{"type":"string","description_kind":"plain","optional":true},"preinstall":{"type":"string","description_kind":"plain","optional":true},"private_ip":{"type":"string","description_kind":"plain","computed":true},"product_id":{"type":"string","description_kind":"plain","optional":true},"public_ip":{"type":"string","description_kind":"plain","computed":true},"public_key":{"type":"string","description_kind":"plain","optional":true},"region":{"type":"string","description_kind":"plain","optional":true,"computed":true},"runtime":{"type":"string","description_kind":"plain","optional":true,"computed":true},"server_id":{"type":"string","description_kind":"plain","computed":true},"sharetype":{"type":"string","description_kind":"plain","optional":true},"status":{"type":"string","description_kind":"plain","computed":true},"subnet_id":{"type":"string","description_kind":"plain","optional":true,"computed":true},"tags":{"type":["map","string"],"description_kind":"plain","optional":true}},"block_types":{"data_volumes":{"nesting_mode":"list","block":{"attributes":{"extend_param":{"type":"string","description_kind":"plain","deprecated":true,"optional":true},"extend_params":{"type":["map","string"],"description_kind":"plain","optional":true,"computed":true},"hw_passthrough":{"type":"bool","description_kind":"plain","optional":true},"size":{"type":"number","description_kind":"plain","required":true},"volumetype":{"type":"string","description_kind":"plain","required":true}},"description_kind":"plain"},"min_items":1},"root_volume":{"nesting_mode":"list","block":{"attributes":{"extend_param":{"type":"string","description_kind":"plain","deprecated":true,"optional":true},"extend_params":{"type":["map","string"],"description_kind":"plain","optional":true,"computed":true},"hw_passthrough":{"type":"bool","description_kind":"plain","optional":true},"size":{"type":"number","description_kind":"plain","required":true},"volumetype":{"type":"string","description_kind":"plain","required":true}},"description_kind":"plain"},"min_items":1,"max_items":1},"taints":{"nesting_mode":"list","block":{"attributes":{"effect":{"type":"string","description_kind":"plain","required":true},"key":{"type":"string","description_kind":"plain","required":true},"value":{"type":"string","description_kind":"plain","required":true}},"description_kind":"plain"}},"timeouts":{"nesting_mode":"single","block":{"attributes":{"create":{"type":"string","description_kind":"plain","optional":true},"delete":{"type":"string","description_kind":"plain","optional":true}},"description_kind":"plain"}}},"description_kind":"plain"}},"sbercloud_cce_node_pool":{"version":0,"block":{"attributes":{"availability_zone":{"type":"string","description_kind":"plain","optional":true},"billing_mode":{"type":"number","description_kind":"plain","computed":true},"cluster_id":{"type":"string","description_kind":"plain","required":true},"extend_param":{"type":["map","string"],"description_kind":"plain","optional":true,"computed":true},"flavor_id":{"type":"string","description_kind":"plain","required":true},"id":{"type":"string","description_kind":"plain","optional":true,"computed":true},"initial_node_count":{"type":"number","description_kind":"plain","required":true},"key_pair":{"type":"string","description_kind":"plain","optional":true},"labels":{"type":["map","string"],"description_kind":"plain","optional":true},"max_node_count":{"type":"number","description_kind":"plain","optional":true},"max_pods":{"type":"number","description_kind":"plain","optional":true,"computed":true},"min_node_count":{"type":"number","description_kind":"plain","optional":true},"name":{"type":"string","description_kind":"plain","required":true},"os":{"type":"string","description_kind":"plain","optional":true,"computed":true},"password":{"type":"string","description_kind":"plain","optional":true,"sensitive":true},"postinstall":{"type":"string","description_kind":"plain","optional":true},"preinstall":{"type":"string","description_kind":"plain","optional":true},"priority":{"type":"number","description_kind":"plain","optional":true},"region":{"type":"string","description_kind":"plain","optional":true,"computed":true},"runtime":{"type":"string","description_kind":"plain","optional":true,"computed":true},"scale_down_cooldown_time":{"type":"number","description_kind":"plain","optional":true},"scall_enable":{"type":"bool","description_kind":"plain","optional":true},"status":{"type":"string","description_kind":"plain","computed":true},"subnet_id":{"type":"string","description_kind":"plain","optional":true},"tags":{"type":["map","string"],"description_kind":"plain","optional":true},"type":{"type":"string","description_kind":"plain","optional":true,"computed":true}},"block_types":{"data_volumes":{"nesting_mode":"list","block":{"attributes":{"extend_param":{"type":"string","description_kind":"plain","deprecated":true,"optional":true},"extend_params":{"type":["map","string"],"description_kind":"plain","optional":true},"hw_passthrough":{"type":"bool","description_kind":"plain","optional":true},"size":{"type":"number","description_kind":"plain","required":true},"volumetype":{"type":"string","description_kind":"plain","required":true}},"description_kind":"plain"},"min_items":1},"root_volume":{"nesting_mode":"list","block":{"attributes":{"extend_param":{"type":"string","description_kind":"plain","deprecated":true,"optional":true},"extend_params":{"type":["map","string"],"description_kind":"plain","optional":true},"hw_passthrough":{"type":"bool","description_kind":"plain","optional":true},"size":{"type":"number","description_kind":"plain","required":true},"volumetype":{"type":"string","description_kind":"plain","required":true}},"description_kind":"plain"},"min_items":1,"max_items":1},"taints":{"nesting_mode":"list","block":{"attributes":{"effect":{"type":"string","description_kind":"plain","required":true},"key":{"type":"string","description_kind":"plain","required":true},"value":{"type":"string","description_kind":"plain","required":true}},"description_kind":"plain"}},"timeouts":{"nesting_mode":"single","block":{"attributes":{"create":{"type":"string","description_kind":"plain","optional":true},"delete":{"type":"string","description_kind":"plain","optional":true}},"description_kind":"plain"}}},"description_kind":"plain"}},"sbercloud_cdm_cluster":{"version":0,"block":{"attributes":{"availability_zone":{"type":"string","description_kind":"plain","required":true},"created":{"type":"string","description_kind":"plain","computed":true},"email":{"type":["list","string"],"description_kind":"plain","optional":true},"enterprise_project_id":{"type":"string","description_kind":"plain","optional":true},"flavor_id":{"type":"string","description_kind":"plain","required":true},"id":{"type":"string","description_kind":"plain","optional":true,"computed":true},"instances":{"type":["list",["object",{"id":"string","name":"string","public_ip":"string","role":"string","traffic_ip":"string","type":"string"}]],"description_kind":"plain","computed":true},"is_auto_off":{"type":"bool","description_kind":"plain","optional":true,"computed":true},"name":{"type":"string","description_kind":"plain","required":true},"phone_num":{"type":["list","string"],"description_kind":"plain","optional":true},"publid_ip":{"type":"string","description_kind":"plain","computed":true},"region":{"type":"string","description_kind":"plain","optional":true,"computed":true},"schedule_boot_time":{"type":"string","description_kind":"plain","optional":true},"schedule_off_time":{"type":"string","description_kind":"plain","optional":true},"security_group_id":{"type":"string","description_kind":"plain","required":true},"subnet_id":{"type":"string","description_kind":"plain","required":true},"version":{"type":"string","description_kind":"plain","required":true},"vpc_id":{"type":"string","description_kind":"plain","required":true}},"block_types":{"timeouts":{"nesting_mode":"single","block":{"attributes":{"create":{"type":"string","description_kind":"plain","optional":true}},"description_kind":"plain"}}},"description_kind":"plain"}},"sbercloud_ces_alarmrule":{"version":0,"block":{"attributes":{"alarm_action_enabled":{"type":"bool","description_kind":"plain","optional":true},"alarm_description":{"type":"string","description_kind":"plain","optional":true},"alarm_enabled":{"type":"bool","description_kind":"plain","optional":true},"alarm_level":{"type":"number","description_kind":"plain","optional":true},"alarm_name":{"type":"string","description_kind":"plain","required":true},"alarm_state":{"type":"string","description_kind":"plain","computed":true},"enterprise_project_id":{"type":"string","description_kind":"plain","optional":true,"computed":true},"id":{"type":"string","description_kind":"plain","optional":true,"computed":true},"region":{"type":"string","description_kind":"plain","optional":true,"computed":true},"update_time":{"type":"number","description_kind":"plain","computed":true}},"block_types":{"alarm_actions":{"nesting_mode":"list","block":{"attributes":{"notification_list":{"type":["list","string"],"description_kind":"plain","required":true},"type":{"type":"string","description_kind":"plain","required":true}},"description_kind":"plain"}},"condition":{"nesting_mode":"list","block":{"attributes":{"comparison_operator":{"type":"string","description_kind":"plain","required":true},"count":{"type":"number","description_kind":"plain","required":true},"filter":{"type":"string","description_kind":"plain","required":true},"period":{"type":"number","description_kind":"plain","required":true},"unit":{"type":"string","description_kind":"plain","optional":true},"value":{"type":"number","description_kind":"plain","required":true}},"description_kind":"plain"},"min_items":1,"max_items":1},"insufficientdata_actions":{"nesting_mode":"list","block":{"attributes":{"notification_list":{"type":["list","string"],"description_kind":"plain","required":true},"type":{"type":"string","description_kind":"plain","required":true}},"description_kind":"plain","deprecated":true}},"metric":{"nesting_mode":"list","block":{"attributes":{"metric_name":{"type":"string","description_kind":"plain","required":true},"namespace":{"type":"string","description_kind":"plain","required":true}},"block_types":{"dimensions":{"nesting_mode":"list","block":{"attributes":{"name":{"type":"string","description_kind":"plain","required":true},"value":{"type":"string","description_kind":"plain","required":true}},"description_kind":"plain"},"min_items":1,"max_items":3}},"description_kind":"plain"},"min_items":1,"max_items":1},"ok_actions":{"nesting_mode":"list","block":{"attributes":{"notification_list":{"type":["list","string"],"description_kind":"plain","required":true},"type":{"type":"string","description_kind":"plain","required":true}},"description_kind":"plain"}},"timeouts":{"nesting_mode":"single","block":{"attributes":{"create":{"type":"string","description_kind":"plain","optional":true},"delete":{"type":"string","description_kind":"plain","optional":true},"update":{"type":"string","description_kind":"plain","optional":true}},"description_kind":"plain"}}},"description_kind":"plain"}},"sbercloud_compute_eip_associate":{"version":0,"block":{"attributes":{"fixed_ip":{"type":"string","description_kind":"plain","optional":true,"computed":true},"id":{"type":"string","description_kind":"plain","optional":true,"computed":true},"instance_id":{"type":"string","description_kind":"plain","required":true},"public_ip":{"type":"string","description_kind":"plain","required":true},"region":{"type":"string","description_kind":"plain","optional":true,"computed":true}},"block_types":{"timeouts":{"nesting_mode":"single","block":{"attributes":{"create":{"type":"string","description_kind":"plain","optional":true}},"description_kind":"plain"}}},"description_kind":"plain"}},"sbercloud_compute_instance":{"version":0,"block":{"attributes":{"access_ip_v4":{"type":"string","description_kind":"plain","computed":true},"access_ip_v6":{"type":"string","description_kind":"plain","computed":true},"admin_pass":{"type":"string","description_kind":"plain","optional":true,"sensitive":true},"agency_name":{"type":"string","description_kind":"plain","optional":true},"auto_renew":{"type":"string","description_kind":"plain","optional":true},"availability_zone":{"type":"string","description_kind":"plain","required":true},"charging_mode":{"type":"string","description_kind":"plain","optional":true,"computed":true},"delete_disks_on_termination":{"type":"bool","description_kind":"plain","optional":true},"enterprise_project_id":{"type":"string","description_kind":"plain","optional":true,"computed":true},"flavor_id":{"type":"string","description_kind":"plain","optional":true,"computed":true},"flavor_name":{"type":"string","description_kind":"plain","optional":true,"computed":true},"id":{"type":"string","description_kind":"plain","optional":true,"computed":true},"image_id":{"type":"string","description_kind":"plain","optional":true,"computed":true},"image_name":{"type":"string","description_kind":"plain","optional":true,"computed":true},"key_pair":{"type":"string","description_kind":"plain","optional":true},"metadata":{"type":["map","string"],"description_kind":"plain","deprecated":true,"optional":true},"name":{"type":"string","description_kind":"plain","required":true},"period":{"type":"number","description_kind":"plain","optional":true},"period_unit":{"type":"string","description_kind":"plain","optional":true},"power_action":{"type":"string","description_kind":"plain","optional":true,"computed":true},"public_ip":{"type":"string","description_kind":"plain","computed":true},"region":{"type":"string","description_kind":"plain","optional":true,"computed":true},"security_group_ids":{"type":["set","string"],"description_kind":"plain","optional":true,"computed":true},"security_groups":{"type":["set","string"],"description_kind":"plain","optional":true,"computed":true},"status":{"type":"string","description_kind":"plain","computed":true},"stop_before_destroy":{"type":"bool","description_kind":"plain","optional":true},"system_disk_id":{"type":"string","description_kind":"plain","computed":true},"system_disk_size":{"type":"number","description_kind":"plain","optional":true,"computed":true},"system_disk_type":{"type":"string","description_kind":"plain","optional":true,"computed":true},"tags":{"type":["map","string"],"description_kind":"plain","optional":true},"user_data":{"type":"string","description_kind":"plain","optional":true},"user_id":{"type":"string","description_kind":"plain","optional":true},"volume_attached":{"type":["list",["object",{"boot_index":"number","pci_address":"string","size":"number","type":"string","volume_id":"string"}]],"description_kind":"plain","computed":true}},"block_types":{"block_device":{"nesting_mode":"list","block":{"attributes":{"boot_index":{"type":"number","description_kind":"plain","optional":true},"delete_on_termination":{"type":"bool","description_kind":"plain","optional":true},"destination_type":{"type":"string","description_kind":"plain","optional":true},"guest_format":{"type":"string","description_kind":"plain","optional":true},"source_type":{"type":"string","description_kind":"plain","required":true},"uuid":{"type":"string","description_kind":"plain","optional":true},"volume_size":{"type":"number","description_kind":"plain","optional":true}},"description_kind":"plain","deprecated":true}},"data_disks":{"nesting_mode":"list","block":{"attributes":{"size":{"type":"number","description_kind":"plain","required":true},"snapshot_id":{"type":"string","description_kind":"plain","optional":true},"type":{"type":"string","description_kind":"plain","required":true}},"description_kind":"plain"},"max_items":23},"network":{"nesting_mode":"list","block":{"attributes":{"access_network":{"type":"bool","description_kind":"plain","optional":true},"fixed_ip_v4":{"type":"string","description_kind":"plain","optional":true,"computed":true},"fixed_ip_v6":{"type":"string","description_kind":"plain","optional":true,"computed":true},"mac":{"type":"string","description_kind":"plain","computed":true},"name":{"type":"string","description_kind":"plain","optional":true},"port":{"type":"string","description_kind":"plain","optional":true,"computed":true},"uuid":{"type":"string","description_kind":"plain","optional":true,"computed":true}},"description_kind":"plain"},"min_items":1,"max_items":12},"scheduler_hints":{"nesting_mode":"set","block":{"attributes":{"deh_id":{"type":"string","description_kind":"plain","optional":true},"fault_domain":{"type":"string","description_kind":"plain","optional":true},"group":{"type":"string","description_kind":"plain","optional":true,"computed":true},"tenancy":{"type":"string","description_kind":"plain","optional":true}},"description_kind":"plain"}},"timeouts":{"nesting_mode":"single","block":{"attributes":{"create":{"type":"string","description_kind":"plain","optional":true},"delete":{"type":"string","description_kind":"plain","optional":true},"update":{"type":"string","description_kind":"plain","optional":true}},"description_kind":"plain"}}},"description_kind":"plain"}},"sbercloud_compute_interface_attach":{"version":0,"block":{"attributes":{"fixed_ip":{"type":"string","description_kind":"plain","optional":true,"computed":true},"id":{"type":"string","description_kind":"plain","optional":true,"computed":true},"instance_id":{"type":"string","description_kind":"plain","required":true},"network_id":{"type":"string","description_kind":"plain","optional":true,"computed":true},"port_id":{"type":"string","description_kind":"plain","optional":true,"computed":true},"region":{"type":"string","description_kind":"plain","optional":true,"computed":true}},"block_types":{"timeouts":{"nesting_mode":"single","block":{"attributes":{"create":{"type":"string","description_kind":"plain","optional":true},"delete":{"type":"string","description_kind":"plain","optional":true}},"description_kind":"plain"}}},"description_kind":"plain"}},"sbercloud_compute_keypair":{"version":0,"block":{"attributes":{"id":{"type":"string","description_kind":"plain","optional":true,"computed":true},"name":{"type":"string","description_kind":"plain","required":true},"public_key":{"type":"string","description_kind":"plain","optional":true},"region":{"type":"string","description_kind":"plain","optional":true,"computed":true}},"description_kind":"plain"}},"sbercloud_compute_servergroup":{"version":0,"block":{"attributes":{"fault_domains":{"type":["list","string"],"description_kind":"plain","computed":true},"id":{"type":"string","description_kind":"plain","optional":true,"computed":true},"members":{"type":["set","string"],"description_kind":"plain","optional":true,"computed":true},"name":{"type":"string","description_kind":"plain","required":true},"policies":{"type":["list","string"],"description_kind":"plain","optional":true},"region":{"type":"string","description_kind":"plain","optional":true,"computed":true}},"description_kind":"plain"}},"sbercloud_compute_volume_attach":{"version":0,"block":{"attributes":{"device":{"type":"string","description_kind":"plain","optional":true,"computed":true},"id":{"type":"string","description_kind":"plain","optional":true,"computed":true},"instance_id":{"type":"string","description_kind":"plain","required":true},"pci_address":{"type":"string","description_kind":"plain","computed":true},"region":{"type":"string","description_kind":"plain","optional":true,"computed":true},"volume_id":{"type":"string","description_kind":"plain","required":true}},"block_types":{"timeouts":{"nesting_mode":"single","block":{"attributes":{"create":{"type":"string","description_kind":"plain","optional":true},"delete":{"type":"string","description_kind":"plain","optional":true}},"description_kind":"plain"}}},"description_kind":"plain"}},"sbercloud_css_cluster":{"version":0,"block":{"attributes":{"created":{"type":"string","description_kind":"plain","computed":true},"endpoint":{"type":"string","description_kind":"plain","computed":true},"engine_type":{"type":"string","description_kind":"plain","optional":true},"engine_version":{"type":"string","description_kind":"plain","required":true},"expect_node_num":{"type":"number","description_kind":"plain","optional":true},"id":{"type":"string","description_kind":"plain","optional":true,"computed":true},"name":{"type":"string","description_kind":"plain","required":true},"nodes":{"type":["list",["object",{"id":"string","name":"string","type":"string"}]],"description_kind":"plain","computed":true},"password":{"type":"string","description_kind":"plain","optional":true,"sensitive":true},"region":{"type":"string","description_kind":"plain","optional":true,"computed":true},"security_mode":{"type":"bool","description_kind":"plain","optional":true},"tags":{"type":["map","string"],"description_kind":"plain","optional":true}},"block_types":{"backup_strategy":{"nesting_mode":"list","block":{"attributes":{"keep_days":{"type":"number","description_kind":"plain","optional":true},"prefix":{"type":"string","description_kind":"plain","optional":true},"start_time":{"type":"string","description_kind":"plain","required":true}},"description_kind":"plain"},"max_items":1},"node_config":{"nesting_mode":"list","block":{"attributes":{"availability_zone":{"type":"string","description_kind":"plain","optional":true},"flavor":{"type":"string","description_kind":"plain","required":true}},"block_types":{"network_info":{"nesting_mode":"list","block":{"attributes":{"security_group_id":{"type":"string","description_kind":"plain","required":true},"subnet_id":{"type":"string","description_kind":"plain","required":true},"vpc_id":{"type":"string","description_kind":"plain","required":true}},"description_kind":"plain"},"min_items":1,"max_items":1},"volume":{"nesting_mode":"list","block":{"attributes":{"size":{"type":"number","description_kind":"plain","required":true},"volume_type":{"type":"string","description_kind":"plain","required":true}},"description_kind":"plain"},"min_items":1,"max_items":1}},"description_kind":"plain"},"min_items":1,"max_items":1},"timeouts":{"nesting_mode":"single","block":{"attributes":{"create":{"type":"string","description_kind":"plain","optional":true},"update":{"type":"string","description_kind":"plain","optional":true}},"description_kind":"plain"}}},"description_kind":"plain"}},"sbercloud_dcs_instance":{"version":0,"block":{"attributes":{"access_user":{"type":"string","description_kind":"plain","optional":true,"computed":true},"available_zones":{"type":["list","string"],"description_kind":"plain","required":true},"backup_at":{"type":["list","number"],"description_kind":"plain","deprecated":true,"optional":true},"backup_type":{"type":"string","description_kind":"plain","deprecated":true,"optional":true},"begin_at":{"type":"string","description_kind":"plain","deprecated":true,"optional":true},"capacity":{"type":"number","description_kind":"plain","required":true},"description":{"type":"string","description_kind":"plain","optional":true,"computed":true},"engine":{"type":"string","description_kind":"plain","required":true},"engine_version":{"type":"string","description_kind":"plain","optional":true},"enterprise_project_id":{"type":"string","description_kind":"plain","optional":true,"computed":true},"enterprise_project_name":{"type":"string","description_kind":"plain","optional":true,"computed":true},"id":{"type":"string","description_kind":"plain","optional":true,"computed":true},"internal_version":{"type":"string","description_kind":"plain","computed":true},"ip":{"type":"string","description_kind":"plain","computed":true},"maintain_begin":{"type":"string","description_kind":"plain","optional":true,"computed":true},"maintain_end":{"type":"string","description_kind":"plain","optional":true,"computed":true},"max_memory":{"type":"number","description_kind":"plain","computed":true},"name":{"type":"string","description_kind":"plain","required":true},"order_id":{"type":"string","description_kind":"plain","computed":true},"password":{"type":"string","description_kind":"plain","optional":true,"sensitive":true},"period_type":{"type":"string","description_kind":"plain","deprecated":true,"optional":true},"port":{"type":"number","description_kind":"plain","computed":true},"product_id":{"type":"string","description_kind":"plain","required":true},"region":{"type":"string","description_kind":"plain","optional":true,"computed":true},"resource_spec_code":{"type":"string","description_kind":"plain","computed":true},"save_days":{"type":"number","description_kind":"plain","deprecated":true,"optional":true},"security_group_id":{"type":"string","description_kind":"plain","optional":true},"security_group_name":{"type":"string","description_kind":"plain","computed":true},"subnet_id":{"type":"string","description_kind":"plain","required":true},"subnet_name":{"type":"string","description_kind":"plain","computed":true},"tags":{"type":["map","string"],"description_kind":"plain","optional":true},"used_memory":{"type":"number","description_kind":"plain","computed":true},"user_id":{"type":"string","description_kind":"plain","computed":true},"user_name":{"type":"string","description_kind":"plain","computed":true},"vpc_id":{"type":"string","description_kind":"plain","required":true},"vpc_name":{"type":"string","description_kind":"plain","computed":true},"whitelist_enable":{"type":"bool","description_kind":"plain","optional":true}},"block_types":{"backup_policy":{"nesting_mode":"list","block":{"attributes":{"backup_at":{"type":["list","number"],"description_kind":"plain","required":true},"backup_type":{"type":"string","description_kind":"plain","optional":true},"begin_at":{"type":"string","description_kind":"plain","required":true},"period_type":{"type":"string","description_kind":"plain","required":true},"save_days":{"type":"number","description_kind":"plain","optional":true}},"description_kind":"plain"},"max_items":1},"whitelists":{"nesting_mode":"set","block":{"attributes":{"group_name":{"type":"string","description_kind":"plain","required":true},"ip_address":{"type":["list","string"],"description_kind":"plain","required":true}},"description_kind":"plain"},"max_items":4}},"description_kind":"plain"}},"sbercloud_dds_instance":{"version":0,"block":{"attributes":{"availability_zone":{"type":"string","description_kind":"plain","required":true},"db_username":{"type":"string","description_kind":"plain","computed":true},"disk_encryption_id":{"type":"string","description_kind":"plain","optional":true},"enterprise_project_id":{"type":"string","description_kind":"plain","optional":true,"computed":true},"id":{"type":"string","description_kind":"plain","optional":true,"computed":true},"mode":{"type":"string","description_kind":"plain","required":true},"name":{"type":"string","description_kind":"plain","required":true},"nodes":{"type":["list",["object",{"id":"string","name":"string","private_ip":"string","public_ip":"string","role":"string","status":"string","type":"string"}]],"description_kind":"plain","computed":true},"password":{"type":"string","description_kind":"plain","required":true,"sensitive":true},"port":{"type":"number","description_kind":"plain","computed":true},"region":{"type":"string","description_kind":"plain","optional":true,"computed":true},"security_group_id":{"type":"string","description_kind":"plain","required":true},"ssl":{"type":"bool","description_kind":"plain","optional":true},"status":{"type":"string","description_kind":"plain","computed":true},"subnet_id":{"type":"string","description_kind":"plain","required":true},"tags":{"type":["map","string"],"description_kind":"plain","optional":true},"vpc_id":{"type":"string","description_kind":"plain","required":true}},"block_types":{"backup_strategy":{"nesting_mode":"list","block":{"attributes":{"keep_days":{"type":"number","description_kind":"plain","required":true},"start_time":{"type":"string","description_kind":"plain","required":true}},"description_kind":"plain"},"max_items":1},"datastore":{"nesting_mode":"list","block":{"attributes":{"storage_engine":{"type":"string","description_kind":"plain","optional":true},"type":{"type":"string","description_kind":"plain","required":true},"version":{"type":"string","description_kind":"plain","required":true}},"description_kind":"plain"},"min_items":1,"max_items":1},"flavor":{"nesting_mode":"list","block":{"attributes":{"num":{"type":"number","description_kind":"plain","required":true},"size":{"type":"number","description_kind":"plain","optional":true},"spec_code":{"type":"string","description_kind":"plain","required":true},"storage":{"type":"string","description_kind":"plain","optional":true},"type":{"type":"string","description_kind":"plain","required":true}},"description_kind":"plain"},"min_items":1},"timeouts":{"nesting_mode":"single","block":{"attributes":{"create":{"type":"string","description_kind":"plain","optional":true},"delete":{"type":"string","description_kind":"plain","optional":true},"update":{"type":"string","description_kind":"plain","optional":true}},"description_kind":"plain"}}},"description_kind":"plain"}},"sbercloud_dis_stream":{"version":0,"block":{"attributes":{"auto_scale_max_partition_count":{"type":"number","description_kind":"plain","optional":true,"computed":true},"auto_scale_min_partition_count":{"type":"number","description_kind":"plain","optional":true,"computed":true},"compression_format":{"type":"string","description_kind":"plain","optional":true,"computed":true},"created":{"type":"number","description_kind":"plain","computed":true},"csv_delimiter":{"type":"string","description_kind":"plain","optional":true,"computed":true},"data_schema":{"type":"string","description_kind":"plain","optional":true,"computed":true},"data_type":{"type":"string","description_kind":"plain","optional":true,"computed":true},"id":{"type":"string","description_kind":"plain","optional":true,"computed":true},"partition_count":{"type":"number","description_kind":"plain","required":true},"readable_partition_count":{"type":"number","description_kind":"plain","computed":true},"region":{"type":"string","description_kind":"plain","optional":true,"computed":true},"retention_period":{"type":"number","description_kind":"plain","optional":true,"computed":true},"stream_name":{"type":"string","description_kind":"plain","required":true},"stream_type":{"type":"string","description_kind":"plain","optional":true,"computed":true},"writable_partition_count":{"type":"number","description_kind":"plain","computed":true}},"block_types":{"tags":{"nesting_mode":"list","block":{"attributes":{"key":{"type":"string","description_kind":"plain","optional":true,"computed":true},"value":{"type":"string","description_kind":"plain","optional":true,"computed":true}},"description_kind":"plain"}}},"description_kind":"plain"}},"sbercloud_dli_queue":{"version":0,"block":{"attributes":{"create_time":{"type":"string","description_kind":"plain","computed":true},"cu_count":{"type":"number","description_kind":"plain","required":true},"description":{"type":"string","description_kind":"plain","optional":true,"computed":true},"id":{"type":"string","description_kind":"plain","optional":true,"computed":true},"management_subnet_cidr":{"type":"string","description_kind":"plain","optional":true},"name":{"type":"string","description_kind":"plain","required":true},"region":{"type":"string","description_kind":"plain","optional":true,"computed":true},"subnet_cidr":{"type":"string","description_kind":"plain","optional":true},"vpc_cidr":{"type":"string","description_kind":"plain","optional":true}},"description_kind":"plain"}},"sbercloud_dms_instance":{"version":0,"block":{"attributes":{"access_user":{"type":"string","description_kind":"plain","optional":true},"available_zones":{"type":["list","string"],"description_kind":"plain","required":true},"connect_address":{"type":"string","description_kind":"plain","computed":true},"created_at":{"type":"string","description_kind":"plain","computed":true},"description":{"type":"string","description_kind":"plain","optional":true,"computed":true},"engine":{"type":"string","description_kind":"plain","required":true},"engine_version":{"type":"string","description_kind":"plain","optional":true},"id":{"type":"string","description_kind":"plain","optional":true,"computed":true},"maintain_begin":{"type":"string","description_kind":"plain","optional":true,"computed":true},"maintain_end":{"type":"string","description_kind":"plain","optional":true,"computed":true},"name":{"type":"string","description_kind":"plain","required":true},"order_id":{"type":"string","description_kind":"plain","computed":true},"partition_num":{"type":"number","description_kind":"plain","optional":true},"password":{"type":"string","description_kind":"plain","optional":true,"sensitive":true},"port":{"type":"string","description_kind":"plain","computed":true},"product_id":{"type":"string","description_kind":"plain","required":true},"region":{"type":"string","description_kind":"plain","optional":true,"computed":true},"resource_spec_code":{"type":"string","description_kind":"plain","computed":true},"security_group_id":{"type":"string","description_kind":"plain","required":true},"security_group_name":{"type":"string","description_kind":"plain","computed":true},"specification":{"type":"string","description_kind":"plain","optional":true,"computed":true},"status":{"type":"string","description_kind":"plain","computed":true},"storage_space":{"type":"number","description_kind":"plain","required":true},"storage_spec_code":{"type":"string","description_kind":"plain","required":true},"subnet_id":{"type":"string","description_kind":"plain","required":true},"subnet_name":{"type":"string","description_kind":"plain","computed":true},"tags":{"type":["map","string"],"description_kind":"plain","optional":true},"type":{"type":"string","description_kind":"plain","computed":true},"used_storage_space":{"type":"number","description_kind":"plain","computed":true},"user_id":{"type":"string","description_kind":"plain","computed":true},"vpc_id":{"type":"string","description_kind":"plain","required":true},"vpc_name":{"type":"string","description_kind":"plain","computed":true}},"description_kind":"plain"}},"sbercloud_dns_recordset":{"version":0,"block":{"attributes":{"description":{"type":"string","description_kind":"plain","optional":true},"id":{"type":"string","description_kind":"plain","optional":true,"computed":true},"name":{"type":"string","description_kind":"plain","required":true},"records":{"type":["list","string"],"description_kind":"plain","required":true},"region":{"type":"string","description_kind":"plain","optional":true,"computed":true},"tags":{"type":["map","string"],"description_kind":"plain","optional":true},"ttl":{"type":"number","description_kind":"plain","optional":true},"type":{"type":"string","description_kind":"plain","required":true},"value_specs":{"type":["map","string"],"description_kind":"plain","optional":true},"zone_id":{"type":"string","description_kind":"plain","required":true}},"block_types":{"timeouts":{"nesting_mode":"single","block":{"attributes":{"create":{"type":"string","description_kind":"plain","optional":true},"delete":{"type":"string","description_kind":"plain","optional":true},"update":{"type":"string","description_kind":"plain","optional":true}},"description_kind":"plain"}}},"description_kind":"plain"}},"sbercloud_dns_zone":{"version":0,"block":{"attributes":{"description":{"type":"string","description_kind":"plain","optional":true},"email":{"type":"string","description_kind":"plain","optional":true},"enterprise_project_id":{"type":"string","description_kind":"plain","optional":true,"computed":true},"id":{"type":"string","description_kind":"plain","optional":true,"computed":true},"masters":{"type":["set","string"],"description_kind":"plain","computed":true},"name":{"type":"string","description_kind":"plain","required":true},"region":{"type":"string","description_kind":"plain","optional":true,"computed":true},"tags":{"type":["map","string"],"description_kind":"plain","optional":true},"ttl":{"type":"number","description_kind":"plain","optional":true},"value_specs":{"type":["map","string"],"description_kind":"plain","optional":true},"zone_type":{"type":"string","description_kind":"plain","optional":true}},"block_types":{"router":{"nesting_mode":"set","block":{"attributes":{"router_id":{"type":"string","description_kind":"plain","required":true},"router_region":{"type":"string","description_kind":"plain","optional":true}},"description_kind":"plain"}},"timeouts":{"nesting_mode":"single","block":{"attributes":{"create":{"type":"string","description_kind":"plain","optional":true},"delete":{"type":"string","description_kind":"plain","optional":true},"update":{"type":"string","description_kind":"plain","optional":true}},"description_kind":"plain"}}},"description_kind":"plain"}},"sbercloud_dws_cluster":{"version":0,"block":{"attributes":{"availability_zone":{"type":"string","description_kind":"plain","optional":true,"computed":true},"created":{"type":"string","description_kind":"plain","computed":true},"endpoints":{"type":["list",["object",{"connect_info":"string","jdbc_url":"string"}]],"description_kind":"plain","computed":true},"id":{"type":"string","description_kind":"plain","optional":true,"computed":true},"name":{"type":"string","description_kind":"plain","required":true},"network_id":{"type":"string","description_kind":"plain","required":true},"node_type":{"type":"string","description_kind":"plain","required":true},"number_of_node":{"type":"number","description_kind":"plain","required":true},"port":{"type":"number","description_kind":"plain","optional":true,"computed":true},"public_endpoints":{"type":["list",["object",{"jdbc_url":"string","public_connect_info":"string"}]],"description_kind":"plain","computed":true},"recent_event":{"type":"number","description_kind":"plain","computed":true},"region":{"type":"string","description_kind":"plain","optional":true,"computed":true},"security_group_id":{"type":"string","description_kind":"plain","required":true},"status":{"type":"string","description_kind":"plain","computed":true},"sub_status":{"type":"string","description_kind":"plain","computed":true},"task_status":{"type":"string","description_kind":"plain","computed":true},"updated":{"type":"string","description_kind":"plain","computed":true},"user_name":{"type":"string","description_kind":"plain","required":true},"user_pwd":{"type":"string","description_kind":"plain","required":true},"version":{"type":"string","description_kind":"plain","computed":true},"vpc_id":{"type":"string","description_kind":"plain","required":true}},"block_types":{"public_ip":{"nesting_mode":"list","block":{"attributes":{"eip_id":{"type":"string","description_kind":"plain","optional":true,"computed":true},"public_bind_type":{"type":"string","description_kind":"plain","optional":true,"computed":true}},"description_kind":"plain"},"max_items":1},"timeouts":{"nesting_mode":"single","block":{"attributes":{"create":{"type":"string","description_kind":"plain","optional":true},"delete":{"type":"string","description_kind":"plain","optional":true}},"description_kind":"plain"}}},"description_kind":"plain"}},"sbercloud_evs_snapshot":{"version":0,"block":{"attributes":{"description":{"type":"string","description_kind":"plain","optional":true},"force":{"type":"bool","description_kind":"plain","optional":true},"id":{"type":"string","description_kind":"plain","optional":true,"computed":true},"name":{"type":"string","description_kind":"plain","required":true},"region":{"type":"string","description_kind":"plain","optional":true,"computed":true},"size":{"type":"number","description_kind":"plain","computed":true},"status":{"type":"string","description_kind":"plain","computed":true},"volume_id":{"type":"string","description_kind":"plain","required":true}},"block_types":{"timeouts":{"nesting_mode":"single","block":{"attributes":{"create":{"type":"string","description_kind":"plain","optional":true},"delete":{"type":"string","description_kind":"plain","optional":true}},"description_kind":"plain"}}},"description_kind":"plain"}},"sbercloud_evs_volume":{"version":0,"block":{"attributes":{"attachment":{"type":["set",["object",{"device":"string","id":"string","instance_id":"string"}]],"description_kind":"plain","computed":true},"availability_zone":{"type":"string","description_kind":"plain","required":true},"backup_id":{"type":"string","description_kind":"plain","optional":true},"cascade":{"type":"bool","description_kind":"plain","optional":true},"description":{"type":"string","description_kind":"plain","optional":true},"device_type":{"type":"string","description_kind":"plain","optional":true},"enterprise_project_id":{"type":"string","description_kind":"plain","optional":true,"computed":true},"id":{"type":"string","description_kind":"plain","optional":true,"computed":true},"image_id":{"type":"string","description_kind":"plain","optional":true},"kms_id":{"type":"string","description_kind":"plain","optional":true},"multiattach":{"type":"bool","description_kind":"plain","optional":true},"name":{"type":"string","description_kind":"plain","optional":true},"region":{"type":"string","description_kind":"plain","optional":true,"computed":true},"size":{"type":"number","description_kind":"plain","optional":true,"computed":true},"snapshot_id":{"type":"string","description_kind":"plain","optional":true},"tags":{"type":["map","string"],"description_kind":"plain","optional":true},"volume_type":{"type":"string","description_kind":"plain","required":true},"wwn":{"type":"string","description_kind":"plain","computed":true}},"block_types":{"timeouts":{"nesting_mode":"single","block":{"attributes":{"create":{"type":"string","description_kind":"plain","optional":true},"delete":{"type":"string","description_kind":"plain","optional":true},"update":{"type":"string","description_kind":"plain","optional":true}},"description_kind":"plain"}}},"description_kind":"plain"}},"sbercloud_fgs_function":{"version":0,"block":{"attributes":{"agency":{"type":"string","description_kind":"plain","optional":true},"app":{"type":"string","description_kind":"plain","optional":true},"app_agency":{"type":"string","description_kind":"plain","optional":true,"computed":true},"code_filename":{"type":"string","description_kind":"plain","optional":true,"computed":true},"code_type":{"type":"string","description_kind":"plain","required":true},"code_url":{"type":"string","description_kind":"plain","optional":true},"depend_list":{"type":["list","string"],"description_kind":"plain","optional":true,"computed":true},"description":{"type":"string","description_kind":"plain","optional":true},"enterprise_project_id":{"type":"string","description_kind":"plain","optional":true,"computed":true},"func_code":{"type":"string","description_kind":"plain","optional":true},"handler":{"type":"string","description_kind":"plain","required":true},"id":{"type":"string","description_kind":"plain","optional":true,"computed":true},"initializer_handler":{"type":"string","description_kind":"plain","optional":true,"computed":true},"initializer_timeout":{"type":"number","description_kind":"plain","optional":true,"computed":true},"memory_size":{"type":"number","description_kind":"plain","required":true},"mount_user_group_id":{"type":"number","description_kind":"plain","optional":true,"computed":true},"mount_user_id":{"type":"number","description_kind":"plain","optional":true,"computed":true},"name":{"type":"string","description_kind":"plain","required":true},"network_id":{"type":"string","description_kind":"plain","optional":true},"package":{"type":"string","description_kind":"plain","deprecated":true,"optional":true},"region":{"type":"string","description_kind":"plain","optional":true,"computed":true},"runtime":{"type":"string","description_kind":"plain","required":true},"timeout":{"type":"number","description_kind":"plain","required":true},"urn":{"type":"string","description_kind":"plain","computed":true},"user_data":{"type":"string","description_kind":"plain","optional":true},"version":{"type":"string","description_kind":"plain","computed":true},"vpc_id":{"type":"string","description_kind":"plain","optional":true},"xrole":{"type":"string","description_kind":"plain","deprecated":true,"optional":true}},"block_types":{"func_mounts":{"nesting_mode":"list","block":{"attributes":{"local_mount_path":{"type":"string","description_kind":"plain","required":true},"mount_resource":{"type":"string","description_kind":"plain","required":true},"mount_share_path":{"type":"string","description_kind":"plain","required":true},"mount_type":{"type":"string","description_kind":"plain","required":true},"status":{"type":"string","description_kind":"plain","computed":true}},"description_kind":"plain"}},"timeouts":{"nesting_mode":"single","block":{"attributes":{"create":{"type":"string","description_kind":"plain","optional":true},"delete":{"type":"string","description_kind":"plain","optional":true}},"description_kind":"plain"}}},"description_kind":"plain"}},"sbercloud_ges_graph":{"version":0,"block":{"attributes":{"auto_assign":{"type":"bool","description_kind":"plain","optional":true},"availability_zone":{"type":"string","description_kind":"plain","required":true},"created":{"type":"string","description_kind":"plain","computed":true},"edgeset_path":{"type":["list",["object",{"path":"string","status":"string"}]],"description_kind":"plain","computed":true},"eip_id":{"type":"string","description_kind":"plain","optional":true},"graph_size_type":{"type":"string","description_kind":"plain","required":true},"id":{"type":"string","description_kind":"plain","optional":true,"computed":true},"name":{"type":"string","description_kind":"plain","required":true},"private_ip":{"type":"string","description_kind":"plain","computed":true},"public_ip":{"type":"string","description_kind":"plain","computed":true},"region":{"type":"string","description_kind":"plain","optional":true,"computed":true},"schema_path":{"type":["list",["object",{"path":"string","status":"string"}]],"description_kind":"plain","computed":true},"security_group_id":{"type":"string","description_kind":"plain","required":true},"subnet_id":{"type":"string","description_kind":"plain","required":true},"version":{"type":"string","description_kind":"plain","computed":true},"vertexset_path":{"type":["list",["object",{"path":"string","status":"string"}]],"description_kind":"plain","computed":true},"vpc_id":{"type":"string","description_kind":"plain","required":true}},"block_types":{"timeouts":{"nesting_mode":"single","block":{"attributes":{"create":{"type":"string","description_kind":"plain","optional":true},"delete":{"type":"string","description_kind":"plain","optional":true}},"description_kind":"plain"}}},"description_kind":"plain"}},"sbercloud_identity_agency":{"version":0,"block":{"attributes":{"create_time":{"type":"string","description_kind":"plain","computed":true},"delegated_domain_name":{"type":"string","description_kind":"plain","optional":true},"delegated_service_name":{"type":"string","description_kind":"plain","optional":true},"description":{"type":"string","description_kind":"plain","optional":true,"computed":true},"domain_roles":{"type":["set","string"],"description_kind":"plain","optional":true},"duration":{"type":"string","description_kind":"plain","optional":true},"expire_time":{"type":"string","description_kind":"plain","computed":true},"id":{"type":"string","description_kind":"plain","optional":true,"computed":true},"name":{"type":"string","description_kind":"plain","required":true}},"block_types":{"project_role":{"nesting_mode":"set","block":{"attributes":{"project":{"type":"string","description_kind":"plain","required":true},"roles":{"type":["set","string"],"description_kind":"plain","required":true}},"description_kind":"plain"}},"timeouts":{"nesting_mode":"single","block":{"attributes":{"create":{"type":"string","description_kind":"plain","optional":true},"delete":{"type":"string","description_kind":"plain","optional":true},"update":{"type":"string","description_kind":"plain","optional":true}},"description_kind":"plain"}}},"description_kind":"plain"}},"sbercloud_identity_group":{"version":0,"block":{"attributes":{"description":{"type":"string","description_kind":"plain","optional":true},"id":{"type":"string","description_kind":"plain","optional":true,"computed":true},"name":{"type":"string","description_kind":"plain","required":true}},"description_kind":"plain"}},"sbercloud_identity_group_membership":{"version":0,"block":{"attributes":{"group":{"type":"string","description_kind":"plain","required":true},"id":{"type":"string","description_kind":"plain","optional":true,"computed":true},"users":{"type":["set","string"],"description_kind":"plain","required":true}},"description_kind":"plain"}},"sbercloud_identity_group_membership_v3":{"version":0,"block":{"attributes":{"group":{"type":"string","description_kind":"plain","required":true},"id":{"type":"string","description_kind":"plain","optional":true,"computed":true},"users":{"type":["set","string"],"description_kind":"plain","required":true}},"description_kind":"plain"}},"sbercloud_identity_group_v3":{"version":0,"block":{"attributes":{"description":{"type":"string","description_kind":"plain","optional":true},"id":{"type":"string","description_kind":"plain","optional":true,"computed":true},"name":{"type":"string","description_kind":"plain","required":true}},"description_kind":"plain"}},"sbercloud_identity_role_assignment":{"version":0,"block":{"attributes":{"domain_id":{"type":"string","description_kind":"plain","optional":true},"group_id":{"type":"string","description_kind":"plain","required":true},"id":{"type":"string","description_kind":"plain","optional":true,"computed":true},"project_id":{"type":"string","description_kind":"plain","optional":true},"role_id":{"type":"string","description_kind":"plain","required":true}},"description_kind":"plain"}},"sbercloud_identity_role_assignment_v3":{"version":0,"block":{"attributes":{"domain_id":{"type":"string","description_kind":"plain","optional":true},"group_id":{"type":"string","description_kind":"plain","required":true},"id":{"type":"string","description_kind":"plain","optional":true,"computed":true},"project_id":{"type":"string","description_kind":"plain","optional":true},"role_id":{"type":"string","description_kind":"plain","required":true}},"description_kind":"plain"}},"sbercloud_identity_user":{"version":0,"block":{"attributes":{"access_type":{"type":"string","description_kind":"plain","optional":true,"computed":true},"country_code":{"type":"string","description_kind":"plain","optional":true},"create_time":{"type":"string","description_kind":"plain","computed":true},"description":{"type":"string","description_kind":"plain","optional":true},"email":{"type":"string","description_kind":"plain","optional":true},"enabled":{"type":"bool","description_kind":"plain","optional":true},"id":{"type":"string","description_kind":"plain","optional":true,"computed":true},"last_login":{"type":"string","description_kind":"plain","computed":true},"name":{"type":"string","description_kind":"plain","required":true},"password":{"type":"string","description_kind":"plain","optional":true,"sensitive":true},"password_stength":{"type":"string","description_kind":"plain","computed":true},"phone":{"type":"string","description_kind":"plain","optional":true}},"description_kind":"plain"}},"sbercloud_identity_user_v3":{"version":0,"block":{"attributes":{"access_type":{"type":"string","description_kind":"plain","optional":true,"computed":true},"country_code":{"type":"string","description_kind":"plain","optional":true},"create_time":{"type":"string","description_kind":"plain","computed":true},"description":{"type":"string","description_kind":"plain","optional":true},"email":{"type":"string","description_kind":"plain","optional":true},"enabled":{"type":"bool","description_kind":"plain","optional":true},"id":{"type":"string","description_kind":"plain","optional":true,"computed":true},"last_login":{"type":"string","description_kind":"plain","computed":true},"name":{"type":"string","description_kind":"plain","required":true},"password":{"type":"string","description_kind":"plain","optional":true,"sensitive":true},"password_stength":{"type":"string","description_kind":"plain","computed":true},"phone":{"type":"string","description_kind":"plain","optional":true}},"description_kind":"plain"}},"sbercloud_images_image":{"version":0,"block":{"attributes":{"checksum":{"type":"string","description_kind":"plain","computed":true},"cmk_id":{"type":"string","description_kind":"plain","optional":true},"data_origin":{"type":"string","description_kind":"plain","computed":true},"description":{"type":"string","description_kind":"plain","optional":true},"disk_format":{"type":"string","description_kind":"plain","computed":true},"enterprise_project_id":{"type":"string","description_kind":"plain","optional":true,"computed":true},"id":{"type":"string","description_kind":"plain","optional":true,"computed":true},"image_size":{"type":"string","description_kind":"plain","computed":true},"image_url":{"type":"string","description_kind":"plain","optional":true},"instance_id":{"type":"string","description_kind":"plain","optional":true},"is_config":{"type":"bool","description_kind":"plain","optional":true},"max_ram":{"type":"number","description_kind":"plain","optional":true},"min_disk":{"type":"number","description_kind":"plain","optional":true},"min_ram":{"type":"number","description_kind":"plain","optional":true},"name":{"type":"string","description_kind":"plain","required":true},"os_version":{"type":"string","description_kind":"plain","optional":true,"computed":true},"status":{"type":"string","description_kind":"plain","computed":true},"tags":{"type":["map","string"],"description_kind":"plain","optional":true},"type":{"type":"string","description_kind":"plain","optional":true},"visibility":{"type":"string","description_kind":"plain","computed":true}},"block_types":{"timeouts":{"nesting_mode":"single","block":{"attributes":{"create":{"type":"string","description_kind":"plain","optional":true},"delete":{"type":"string","description_kind":"plain","optional":true}},"description_kind":"plain"}}},"description_kind":"plain"}},"sbercloud_kms_key":{"version":0,"block":{"attributes":{"creation_date":{"type":"string","description_kind":"plain","computed":true},"default_key_flag":{"type":"string","description_kind":"plain","computed":true},"domain_id":{"type":"string","description_kind":"plain","computed":true},"enterprise_project_id":{"type":"string","description_kind":"plain","optional":true,"computed":true},"expiration_time":{"type":"string","description_kind":"plain","computed":true},"id":{"type":"string","description_kind":"plain","optional":true,"computed":true},"is_enabled":{"type":"bool","description_kind":"plain","optional":true},"key_alias":{"type":"string","description_kind":"plain","required":true},"key_description":{"type":"string","description_kind":"plain","optional":true},"key_id":{"type":"string","description_kind":"plain","computed":true},"pending_days":{"type":"string","description_kind":"plain","optional":true},"region":{"type":"string","description_kind":"plain","optional":true,"computed":true},"scheduled_deletion_date":{"type":"string","description_kind":"plain","computed":true},"tags":{"type":["map","string"],"description_kind":"plain","optional":true}},"description_kind":"plain"}},"sbercloud_lb_certificate":{"version":0,"block":{"attributes":{"certificate":{"type":"string","description_kind":"plain","required":true},"create_time":{"type":"string","description_kind":"plain","computed":true},"description":{"type":"string","description_kind":"plain","optional":true},"domain":{"type":"string","description_kind":"plain","optional":true},"id":{"type":"string","description_kind":"plain","optional":true,"computed":true},"name":{"type":"string","description_kind":"plain","optional":true},"private_key":{"type":"string","description_kind":"plain","optional":true},"region":{"type":"string","description_kind":"plain","optional":true,"computed":true},"type":{"type":"string","description_kind":"plain","optional":true},"update_time":{"type":"string","description_kind":"plain","computed":true}},"block_types":{"timeouts":{"nesting_mode":"single","block":{"attributes":{"create":{"type":"string","description_kind":"plain","optional":true},"delete":{"type":"string","description_kind":"plain","optional":true},"update":{"type":"string","description_kind":"plain","optional":true}},"description_kind":"plain"}}},"description_kind":"plain"}},"sbercloud_lb_l7policy":{"version":0,"block":{"attributes":{"action":{"type":"string","description_kind":"plain","required":true},"admin_state_up":{"type":"bool","description_kind":"plain","optional":true},"description":{"type":"string","description_kind":"plain","optional":true},"id":{"type":"string","description_kind":"plain","optional":true,"computed":true},"listener_id":{"type":"string","description_kind":"plain","required":true},"name":{"type":"string","description_kind":"plain","optional":true},"position":{"type":"number","description_kind":"plain","optional":true,"computed":true},"redirect_listener_id":{"type":"string","description_kind":"plain","optional":true},"redirect_pool_id":{"type":"string","description_kind":"plain","optional":true},"region":{"type":"string","description_kind":"plain","optional":true,"computed":true},"tenant_id":{"type":"string","description_kind":"plain","deprecated":true,"optional":true,"computed":true}},"block_types":{"timeouts":{"nesting_mode":"single","block":{"attributes":{"create":{"type":"string","description_kind":"plain","optional":true},"delete":{"type":"string","description_kind":"plain","optional":true},"update":{"type":"string","description_kind":"plain","optional":true}},"description_kind":"plain"}}},"description_kind":"plain"}},"sbercloud_lb_l7rule":{"version":0,"block":{"attributes":{"admin_state_up":{"type":"bool","description_kind":"plain","optional":true},"compare_type":{"type":"string","description_kind":"plain","required":true},"id":{"type":"string","description_kind":"plain","optional":true,"computed":true},"key":{"type":"string","description_kind":"plain","optional":true},"l7policy_id":{"type":"string","description_kind":"plain","required":true},"listener_id":{"type":"string","description_kind":"plain","computed":true},"region":{"type":"string","description_kind":"plain","optional":true,"computed":true},"tenant_id":{"type":"string","description_kind":"plain","deprecated":true,"optional":true,"computed":true},"type":{"type":"string","description_kind":"plain","required":true},"value":{"type":"string","description_kind":"plain","required":true}},"block_types":{"timeouts":{"nesting_mode":"single","block":{"attributes":{"create":{"type":"string","description_kind":"plain","optional":true},"delete":{"type":"string","description_kind":"plain","optional":true},"update":{"type":"string","description_kind":"plain","optional":true}},"description_kind":"plain"}}},"description_kind":"plain"}},"sbercloud_lb_listener":{"version":0,"block":{"attributes":{"admin_state_up":{"type":"bool","description_kind":"plain","optional":true},"connection_limit":{"type":"number","description_kind":"plain","optional":true,"computed":true},"default_pool_id":{"type":"string","description_kind":"plain","optional":true,"computed":true},"default_tls_container_ref":{"type":"string","description_kind":"plain","optional":true},"description":{"type":"string","description_kind":"plain","optional":true},"http2_enable":{"type":"bool","description_kind":"plain","optional":true},"id":{"type":"string","description_kind":"plain","optional":true,"computed":true},"loadbalancer_id":{"type":"string","description_kind":"plain","required":true},"name":{"type":"string","description_kind":"plain","optional":true,"computed":true},"protocol":{"type":"string","description_kind":"plain","required":true},"protocol_port":{"type":"number","description_kind":"plain","required":true},"region":{"type":"string","description_kind":"plain","optional":true,"computed":true},"sni_container_refs":{"type":["list","string"],"description_kind":"plain","optional":true},"tags":{"type":["map","string"],"description_kind":"plain","optional":true},"tenant_id":{"type":"string","description_kind":"plain","deprecated":true,"optional":true,"computed":true}},"block_types":{"timeouts":{"nesting_mode":"single","block":{"attributes":{"create":{"type":"string","description_kind":"plain","optional":true},"delete":{"type":"string","description_kind":"plain","optional":true},"update":{"type":"string","description_kind":"plain","optional":true}},"description_kind":"plain"}}},"description_kind":"plain"}},"sbercloud_lb_loadbalancer":{"version":0,"block":{"attributes":{"admin_state_up":{"type":"bool","description_kind":"plain","optional":true},"description":{"type":"string","description_kind":"plain","optional":true},"enterprise_project_id":{"type":"string","description_kind":"plain","optional":true,"computed":true},"flavor":{"type":"string","description_kind":"plain","optional":true},"id":{"type":"string","description_kind":"plain","optional":true,"computed":true},"loadbalancer_provider":{"type":"string","description_kind":"plain","optional":true,"computed":true},"name":{"type":"string","description_kind":"plain","optional":true},"region":{"type":"string","description_kind":"plain","optional":true,"computed":true},"security_group_ids":{"type":["set","string"],"description_kind":"plain","optional":true,"computed":true},"tags":{"type":["map","string"],"description_kind":"plain","optional":true},"tenant_id":{"type":"string","description_kind":"plain","deprecated":true,"optional":true,"computed":true},"vip_address":{"type":"string","description_kind":"plain","optional":true,"computed":true},"vip_port_id":{"type":"string","description_kind":"plain","computed":true},"vip_subnet_id":{"type":"string","description_kind":"plain","required":true}},"block_types":{"timeouts":{"nesting_mode":"single","block":{"attributes":{"create":{"type":"string","description_kind":"plain","optional":true},"delete":{"type":"string","description_kind":"plain","optional":true},"update":{"type":"string","description_kind":"plain","optional":true}},"description_kind":"plain"}}},"description_kind":"plain"}},"sbercloud_lb_member":{"version":0,"block":{"attributes":{"address":{"type":"string","description_kind":"plain","required":true},"admin_state_up":{"type":"bool","description_kind":"plain","optional":true},"id":{"type":"string","description_kind":"plain","optional":true,"computed":true},"name":{"type":"string","description_kind":"plain","optional":true},"pool_id":{"type":"string","description_kind":"plain","required":true},"protocol_port":{"type":"number","description_kind":"plain","required":true},"region":{"type":"string","description_kind":"plain","optional":true,"computed":true},"subnet_id":{"type":"string","description_kind":"plain","required":true},"tenant_id":{"type":"string","description_kind":"plain","deprecated":true,"optional":true,"computed":true},"weight":{"type":"number","description_kind":"plain","optional":true,"computed":true}},"block_types":{"timeouts":{"nesting_mode":"single","block":{"attributes":{"create":{"type":"string","description_kind":"plain","optional":true},"delete":{"type":"string","description_kind":"plain","optional":true},"update":{"type":"string","description_kind":"plain","optional":true}},"description_kind":"plain"}}},"description_kind":"plain"}},"sbercloud_lb_monitor":{"version":0,"block":{"attributes":{"admin_state_up":{"type":"bool","description_kind":"plain","optional":true},"delay":{"type":"number","description_kind":"plain","required":true},"expected_codes":{"type":"string","description_kind":"plain","optional":true,"computed":true},"http_method":{"type":"string","description_kind":"plain","optional":true,"computed":true},"id":{"type":"string","description_kind":"plain","optional":true,"computed":true},"max_retries":{"type":"number","description_kind":"plain","required":true},"name":{"type":"string","description_kind":"plain","optional":true},"pool_id":{"type":"string","description_kind":"plain","required":true},"port":{"type":"number","description_kind":"plain","optional":true},"region":{"type":"string","description_kind":"plain","optional":true,"computed":true},"tenant_id":{"type":"string","description_kind":"plain","deprecated":true,"optional":true,"computed":true},"timeout":{"type":"number","description_kind":"plain","required":true},"type":{"type":"string","description_kind":"plain","required":true},"url_path":{"type":"string","description_kind":"plain","optional":true,"computed":true}},"block_types":{"timeouts":{"nesting_mode":"single","block":{"attributes":{"create":{"type":"string","description_kind":"plain","optional":true},"delete":{"type":"string","description_kind":"plain","optional":true},"update":{"type":"string","description_kind":"plain","optional":true}},"description_kind":"plain"}}},"description_kind":"plain"}},"sbercloud_lb_pool":{"version":0,"block":{"attributes":{"admin_state_up":{"type":"bool","description_kind":"plain","optional":true},"description":{"type":"string","description_kind":"plain","optional":true},"id":{"type":"string","description_kind":"plain","optional":true,"computed":true},"lb_method":{"type":"string","description_kind":"plain","required":true},"listener_id":{"type":"string","description_kind":"plain","optional":true},"loadbalancer_id":{"type":"string","description_kind":"plain","optional":true},"name":{"type":"string","description_kind":"plain","optional":true},"protocol":{"type":"string","description_kind":"plain","required":true},"region":{"type":"string","description_kind":"plain","optional":true,"computed":true},"tenant_id":{"type":"string","description_kind":"plain","deprecated":true,"optional":true,"computed":true}},"block_types":{"persistence":{"nesting_mode":"list","block":{"attributes":{"cookie_name":{"type":"string","description_kind":"plain","optional":true},"type":{"type":"string","description_kind":"plain","required":true}},"description_kind":"plain"}},"timeouts":{"nesting_mode":"single","block":{"attributes":{"create":{"type":"string","description_kind":"plain","optional":true},"delete":{"type":"string","description_kind":"plain","optional":true},"update":{"type":"string","description_kind":"plain","optional":true}},"description_kind":"plain"}}},"description_kind":"plain"}},"sbercloud_lb_whitelist":{"version":0,"block":{"attributes":{"enable_whitelist":{"type":"bool","description_kind":"plain","optional":true},"id":{"type":"string","description_kind":"plain","optional":true,"computed":true},"listener_id":{"type":"string","description_kind":"plain","required":true},"region":{"type":"string","description_kind":"plain","optional":true,"computed":true},"tenant_id":{"type":"string","description_kind":"plain","deprecated":true,"optional":true,"computed":true},"whitelist":{"type":"string","description_kind":"plain","optional":true}},"block_types":{"timeouts":{"nesting_mode":"single","block":{"attributes":{"create":{"type":"string","description_kind":"plain","optional":true},"delete":{"type":"string","description_kind":"plain","optional":true},"update":{"type":"string","description_kind":"plain","optional":true}},"description_kind":"plain"}}},"description_kind":"plain"}},"sbercloud_nat_dnat_rule":{"version":0,"block":{"attributes":{"created_at":{"type":"string","description_kind":"plain","computed":true},"external_service_port":{"type":"number","description_kind":"plain","required":true},"floating_ip_address":{"type":"string","description_kind":"plain","computed":true},"floating_ip_id":{"type":"string","description_kind":"plain","required":true},"id":{"type":"string","description_kind":"plain","optional":true,"computed":true},"internal_service_port":{"type":"number","description_kind":"plain","required":true},"nat_gateway_id":{"type":"string","description_kind":"plain","required":true},"port_id":{"type":"string","description_kind":"plain","optional":true},"private_ip":{"type":"string","description_kind":"plain","optional":true},"protocol":{"type":"string","description_kind":"plain","required":true},"region":{"type":"string","description_kind":"plain","optional":true,"computed":true},"status":{"type":"string","description_kind":"plain","computed":true}},"description_kind":"plain"}},"sbercloud_nat_gateway":{"version":0,"block":{"attributes":{"description":{"type":"string","description_kind":"plain","optional":true,"computed":true},"enterprise_project_id":{"type":"string","description_kind":"plain","optional":true,"computed":true},"id":{"type":"string","description_kind":"plain","optional":true,"computed":true},"internal_network_id":{"type":"string","description_kind":"plain","deprecated":true,"optional":true},"name":{"type":"string","description_kind":"plain","required":true},"region":{"type":"string","description_kind":"plain","optional":true,"computed":true},"router_id":{"type":"string","description_kind":"plain","deprecated":true,"optional":true},"spec":{"type":"string","description_kind":"plain","required":true},"status":{"type":"string","description_kind":"plain","computed":true},"subnet_id":{"type":"string","description_kind":"plain","optional":true,"computed":true},"vpc_id":{"type":"string","description_kind":"plain","optional":true,"computed":true}},"block_types":{"timeouts":{"nesting_mode":"single","block":{"attributes":{"create":{"type":"string","description_kind":"plain","optional":true},"delete":{"type":"string","description_kind":"plain","optional":true}},"description_kind":"plain"}}},"description_kind":"plain"}},"sbercloud_nat_snat_rule":{"version":0,"block":{"attributes":{"cidr":{"type":"string","description_kind":"plain","optional":true},"floating_ip_address":{"type":"string","description_kind":"plain","computed":true},"floating_ip_id":{"type":"string","description_kind":"plain","required":true},"id":{"type":"string","description_kind":"plain","optional":true,"computed":true},"nat_gateway_id":{"type":"string","description_kind":"plain","required":true},"network_id":{"type":"string","description_kind":"plain","deprecated":true,"optional":true},"region":{"type":"string","description_kind":"plain","optional":true,"computed":true},"source_type":{"type":"number","description_kind":"plain","optional":true},"status":{"type":"string","description_kind":"plain","computed":true},"subnet_id":{"type":"string","description_kind":"plain","optional":true,"computed":true}},"block_types":{"timeouts":{"nesting_mode":"single","block":{"attributes":{"create":{"type":"string","description_kind":"plain","optional":true},"delete":{"type":"string","description_kind":"plain","optional":true}},"description_kind":"plain"}}},"description_kind":"plain"}},"sbercloud_network_acl":{"version":0,"block":{"attributes":{"description":{"type":"string","description_kind":"plain","optional":true},"id":{"type":"string","description_kind":"plain","optional":true,"computed":true},"inbound_policy_id":{"type":"string","description_kind":"plain","computed":true},"inbound_rules":{"type":["list","string"],"description_kind":"plain","optional":true},"name":{"type":"string","description_kind":"plain","required":true},"outbound_policy_id":{"type":"string","description_kind":"plain","computed":true},"outbound_rules":{"type":["list","string"],"description_kind":"plain","optional":true},"ports":{"type":["set","string"],"description_kind":"plain","computed":true},"region":{"type":"string","description_kind":"plain","optional":true,"computed":true},"status":{"type":"string","description_kind":"plain","computed":true},"subnets":{"type":["set","string"],"description_kind":"plain","optional":true}},"block_types":{"timeouts":{"nesting_mode":"single","block":{"attributes":{"create":{"type":"string","description_kind":"plain","optional":true},"delete":{"type":"string","description_kind":"plain","optional":true},"update":{"type":"string","description_kind":"plain","optional":true}},"description_kind":"plain"}}},"description_kind":"plain"}},"sbercloud_network_acl_rule":{"version":0,"block":{"attributes":{"action":{"type":"string","description_kind":"plain","required":true},"description":{"type":"string","description_kind":"plain","optional":true},"destination_ip_address":{"type":"string","description_kind":"plain","optional":true},"destination_port":{"type":"string","description_kind":"plain","optional":true},"enabled":{"type":"bool","description_kind":"plain","optional":true},"id":{"type":"string","description_kind":"plain","optional":true,"computed":true},"ip_version":{"type":"number","description_kind":"plain","optional":true},"name":{"type":"string","description_kind":"plain","optional":true},"protocol":{"type":"string","description_kind":"plain","required":true},"region":{"type":"string","description_kind":"plain","optional":true,"computed":true},"source_ip_address":{"type":"string","description_kind":"plain","optional":true},"source_port":{"type":"string","description_kind":"plain","optional":true}},"description_kind":"plain"}},"sbercloud_networking_eip_associate":{"version":0,"block":{"attributes":{"id":{"type":"string","description_kind":"plain","optional":true,"computed":true},"port_id":{"type":"string","description_kind":"plain","required":true},"public_ip":{"type":"string","description_kind":"plain","required":true},"region":{"type":"string","description_kind":"plain","optional":true,"computed":true}},"description_kind":"plain"}},"sbercloud_networking_secgroup":{"version":0,"block":{"attributes":{"delete_default_rules":{"type":"bool","description_kind":"plain","optional":true},"description":{"type":"string","description_kind":"plain","optional":true,"computed":true},"enterprise_project_id":{"type":"string","description_kind":"plain","optional":true,"computed":true},"id":{"type":"string","description_kind":"plain","optional":true,"computed":true},"name":{"type":"string","description_kind":"plain","required":true},"region":{"type":"string","description_kind":"plain","optional":true,"computed":true},"tenant_id":{"type":"string","description_kind":"plain","deprecated":true,"optional":true,"computed":true}},"block_types":{"timeouts":{"nesting_mode":"single","block":{"attributes":{"delete":{"type":"string","description_kind":"plain","optional":true}},"description_kind":"plain"}}},"description_kind":"plain"}},"sbercloud_networking_secgroup_rule":{"version":0,"block":{"attributes":{"description":{"type":"string","description_kind":"plain","optional":true},"direction":{"type":"string","description_kind":"plain","required":true},"ethertype":{"type":"string","description_kind":"plain","required":true},"id":{"type":"string","description_kind":"plain","optional":true,"computed":true},"port_range_max":{"type":"number","description_kind":"plain","optional":true,"computed":true},"port_range_min":{"type":"number","description_kind":"plain","optional":true,"computed":true},"protocol":{"type":"string","description_kind":"plain","optional":true,"computed":true},"region":{"type":"string","description_kind":"plain","optional":true,"computed":true},"remote_group_id":{"type":"string","description_kind":"plain","optional":true,"computed":true},"remote_ip_prefix":{"type":"string","description_kind":"plain","optional":true,"computed":true},"security_group_id":{"type":"string","description_kind":"plain","required":true},"tenant_id":{"type":"string","description_kind":"plain","deprecated":true,"optional":true,"computed":true}},"block_types":{"timeouts":{"nesting_mode":"single","block":{"attributes":{"delete":{"type":"string","description_kind":"plain","optional":true}},"description_kind":"plain"}}},"description_kind":"plain"}},"sbercloud_obs_bucket":{"version":0,"block":{"attributes":{"acl":{"type":"string","description_kind":"plain","optional":true},"bucket":{"type":"string","description_kind":"plain","required":true},"bucket_domain_name":{"type":"string","description_kind":"plain","computed":true},"enterprise_project_id":{"type":"string","description_kind":"plain","optional":true,"computed":true},"force_destroy":{"type":"bool","description_kind":"plain","optional":true},"id":{"type":"string","description_kind":"plain","optional":true,"computed":true},"multi_az":{"type":"bool","description_kind":"plain","optional":true,"computed":true},"policy":{"type":"string","description_kind":"plain","optional":true,"computed":true},"policy_format":{"type":"string","description_kind":"plain","optional":true},"quota":{"type":"number","description_kind":"plain","optional":true},"region":{"type":"string","description_kind":"plain","optional":true,"computed":true},"storage_class":{"type":"string","description_kind":"plain","optional":true},"tags":{"type":["map","string"],"description_kind":"plain","optional":true},"versioning":{"type":"bool","description_kind":"plain","optional":true}},"block_types":{"cors_rule":{"nesting_mode":"list","block":{"attributes":{"allowed_headers":{"type":["list","string"],"description_kind":"plain","optional":true},"allowed_methods":{"type":["list","string"],"description_kind":"plain","required":true},"allowed_origins":{"type":["list","string"],"description_kind":"plain","required":true},"expose_headers":{"type":["list","string"],"description_kind":"plain","optional":true},"max_age_seconds":{"type":"number","description_kind":"plain","optional":true}},"description_kind":"plain"}},"lifecycle_rule":{"nesting_mode":"list","block":{"attributes":{"enabled":{"type":"bool","description_kind":"plain","required":true},"name":{"type":"string","description_kind":"plain","required":true},"prefix":{"type":"string","description_kind":"plain","optional":true}},"block_types":{"expiration":{"nesting_mode":"set","block":{"attributes":{"days":{"type":"number","description_kind":"plain","required":true}},"description_kind":"plain"}},"noncurrent_version_expiration":{"nesting_mode":"set","block":{"attributes":{"days":{"type":"number","description_kind":"plain","required":true}},"description_kind":"plain"}},"noncurrent_version_transition":{"nesting_mode":"list","block":{"attributes":{"days":{"type":"number","description_kind":"plain","required":true},"storage_class":{"type":"string","description_kind":"plain","required":true}},"description_kind":"plain"}},"transition":{"nesting_mode":"list","block":{"attributes":{"days":{"type":"number","description_kind":"plain","required":true},"storage_class":{"type":"string","description_kind":"plain","required":true}},"description_kind":"plain"}}},"description_kind":"plain"}},"logging":{"nesting_mode":"set","block":{"attributes":{"target_bucket":{"type":"string","description_kind":"plain","required":true},"target_prefix":{"type":"string","description_kind":"plain","optional":true}},"description_kind":"plain"}},"website":{"nesting_mode":"list","block":{"attributes":{"error_document":{"type":"string","description_kind":"plain","optional":true},"index_document":{"type":"string","description_kind":"plain","optional":true},"redirect_all_requests_to":{"type":"string","description_kind":"plain","optional":true},"routing_rules":{"type":"string","description_kind":"plain","optional":true}},"description_kind":"plain"},"max_items":1}},"description_kind":"plain"}},"sbercloud_obs_bucket_object":{"version":0,"block":{"attributes":{"acl":{"type":"string","description_kind":"plain","optional":true},"bucket":{"type":"string","description_kind":"plain","required":true},"content":{"type":"string","description_kind":"plain","optional":true},"content_type":{"type":"string","description_kind":"plain","optional":true},"encryption":{"type":"bool","description_kind":"plain","optional":true},"etag":{"type":"string","description_kind":"plain","optional":true,"computed":true},"id":{"type":"string","description_kind":"plain","optional":true,"computed":true},"key":{"type":"string","description_kind":"plain","required":true},"kms_key_id":{"type":"string","description_kind":"plain","optional":true},"region":{"type":"string","description_kind":"plain","optional":true,"computed":true},"size":{"type":"number","description_kind":"plain","computed":true},"source":{"type":"string","description_kind":"plain","optional":true},"storage_class":{"type":"string","description_kind":"plain","optional":true,"computed":true},"version_id":{"type":"string","description_kind":"plain","computed":true}},"description_kind":"plain"}},"sbercloud_obs_bucket_policy":{"version":0,"block":{"attributes":{"bucket":{"type":"string","description_kind":"plain","required":true},"id":{"type":"string","description_kind":"plain","optional":true,"computed":true},"policy":{"type":"string","description_kind":"plain","required":true},"policy_format":{"type":"string","description_kind":"plain","optional":true},"region":{"type":"string","description_kind":"plain","optional":true,"computed":true}},"description_kind":"plain"}},"sbercloud_rds_instance":{"version":0,"block":{"attributes":{"auto_renew":{"type":"string","description_kind":"plain","optional":true},"availability_zone":{"type":["list","string"],"description_kind":"plain","required":true},"charging_mode":{"type":"string","description_kind":"plain","optional":true,"computed":true},"created":{"type":"string","description_kind":"plain","computed":true},"enterprise_project_id":{"type":"string","description_kind":"plain","optional":true,"computed":true},"fixed_ip":{"type":"string","description_kind":"plain","optional":true,"computed":true},"flavor":{"type":"string","description_kind":"plain","required":true},"ha_replication_mode":{"type":"string","description_kind":"plain","optional":true,"computed":true},"id":{"type":"string","description_kind":"plain","optional":true,"computed":true},"name":{"type":"string","description_kind":"plain","required":true},"nodes":{"type":["list",["object",{"availability_zone":"string","id":"string","name":"string","role":"string","status":"string"}]],"description_kind":"plain","computed":true},"param_group_id":{"type":"string","description_kind":"plain","optional":true},"period":{"type":"number","description_kind":"plain","optional":true},"period_unit":{"type":"string","description_kind":"plain","optional":true},"private_ips":{"type":["list","string"],"description_kind":"plain","computed":true},"public_ips":{"type":["list","string"],"description_kind":"plain","computed":true},"region":{"type":"string","description_kind":"plain","optional":true,"computed":true},"security_group_id":{"type":"string","description_kind":"plain","required":true},"status":{"type":"string","description_kind":"plain","computed":true},"subnet_id":{"type":"string","description_kind":"plain","required":true},"tags":{"type":["map","string"],"description_kind":"plain","optional":true},"time_zone":{"type":"string","description_kind":"plain","optional":true,"computed":true},"vpc_id":{"type":"string","description_kind":"plain","required":true}},"block_types":{"backup_strategy":{"nesting_mode":"list","block":{"attributes":{"keep_days":{"type":"number","description_kind":"plain","optional":true,"computed":true},"start_time":{"type":"string","description_kind":"plain","required":true}},"description_kind":"plain"},"max_items":1},"db":{"nesting_mode":"list","block":{"attributes":{"password":{"type":"string","description_kind":"plain","required":true,"sensitive":true},"port":{"type":"number","description_kind":"plain","optional":true,"computed":true},"type":{"type":"string","description_kind":"plain","required":true},"user_name":{"type":"string","description_kind":"plain","computed":true},"version":{"type":"string","description_kind":"plain","required":true}},"description_kind":"plain"},"min_items":1,"max_items":1},"timeouts":{"nesting_mode":"single","block":{"attributes":{"create":{"type":"string","description_kind":"plain","optional":true},"default":{"type":"string","description_kind":"plain","optional":true},"delete":{"type":"string","description_kind":"plain","optional":true},"update":{"type":"string","description_kind":"plain","optional":true}},"description_kind":"plain"}},"volume":{"nesting_mode":"list","block":{"attributes":{"disk_encryption_id":{"type":"string","description_kind":"plain","optional":true,"computed":true},"size":{"type":"number","description_kind":"plain","required":true},"type":{"type":"string","description_kind":"plain","required":true}},"description_kind":"plain"},"min_items":1,"max_items":1}},"description_kind":"plain"}},"sbercloud_rds_parametergroup":{"version":0,"block":{"attributes":{"configuration_parameters":{"type":["list",["object",{"description":"string","name":"string","readonly":"bool","restart_required":"bool","type":"string","value":"string","value_range":"string"}]],"description_kind":"plain","computed":true},"description":{"type":"string","description_kind":"plain","optional":true},"id":{"type":"string","description_kind":"plain","optional":true,"computed":true},"name":{"type":"string","description_kind":"plain","required":true},"region":{"type":"string","description_kind":"plain","optional":true,"computed":true},"values":{"type":["map","string"],"description_kind":"plain","optional":true}},"block_types":{"datastore":{"nesting_mode":"list","block":{"attributes":{"type":{"type":"string","description_kind":"plain","required":true},"version":{"type":"string","description_kind":"plain","required":true}},"description_kind":"plain"},"min_items":1,"max_items":1},"timeouts":{"nesting_mode":"single","block":{"attributes":{"create":{"type":"string","description_kind":"plain","optional":true},"delete":{"type":"string","description_kind":"plain","optional":true}},"description_kind":"plain"}}},"description_kind":"plain"}},"sbercloud_rds_read_replica_instance":{"version":0,"block":{"attributes":{"availability_zone":{"type":"string","description_kind":"plain","required":true},"db":{"type":["list",["object",{"port":"number","type":"string","user_name":"string","version":"string"}]],"description_kind":"plain","computed":true},"enterprise_project_id":{"type":"string","description_kind":"plain","optional":true,"computed":true},"flavor":{"type":"string","description_kind":"plain","required":true},"id":{"type":"string","description_kind":"plain","optional":true,"computed":true},"name":{"type":"string","description_kind":"plain","required":true},"primary_instance_id":{"type":"string","description_kind":"plain","required":true},"private_ips":{"type":["list","string"],"description_kind":"plain","computed":true},"public_ips":{"type":["list","string"],"description_kind":"plain","computed":true},"region":{"type":"string","description_kind":"plain","optional":true,"computed":true},"security_group_id":{"type":"string","description_kind":"plain","computed":true},"status":{"type":"string","description_kind":"plain","computed":true},"subnet_id":{"type":"string","description_kind":"plain","computed":true},"tags":{"type":["map","string"],"description_kind":"plain","optional":true},"type":{"type":"string","description_kind":"plain","computed":true},"vpc_id":{"type":"string","description_kind":"plain","computed":true}},"block_types":{"timeouts":{"nesting_mode":"single","block":{"attributes":{"create":{"type":"string","description_kind":"plain","optional":true},"delete":{"type":"string","description_kind":"plain","optional":true}},"description_kind":"plain"}},"volume":{"nesting_mode":"list","block":{"attributes":{"disk_encryption_id":{"type":"string","description_kind":"plain","optional":true},"size":{"type":"number","description_kind":"plain","optional":true,"computed":true},"type":{"type":"string","description_kind":"plain","required":true}},"description_kind":"plain"},"min_items":1,"max_items":1}},"description_kind":"plain"}},"sbercloud_sfs_access_rule":{"version":0,"block":{"attributes":{"access_level":{"type":"string","description_kind":"plain","optional":true},"access_to":{"type":"string","description_kind":"plain","required":true},"access_type":{"type":"string","description_kind":"plain","optional":true},"id":{"type":"string","description_kind":"plain","optional":true,"computed":true},"region":{"type":"string","description_kind":"plain","optional":true,"computed":true},"sfs_id":{"type":"string","description_kind":"plain","required":true},"status":{"type":"string","description_kind":"plain","computed":true}},"block_types":{"timeouts":{"nesting_mode":"single","block":{"attributes":{"create":{"type":"string","description_kind":"plain","optional":true},"delete":{"type":"string","description_kind":"plain","optional":true}},"description_kind":"plain"}}},"description_kind":"plain"}},"sbercloud_sfs_file_system":{"version":0,"block":{"attributes":{"access_level":{"type":"string","description_kind":"plain","optional":true,"computed":true},"access_rule_status":{"type":"string","description_kind":"plain","computed":true},"access_rules":{"type":["list",["object",{"access_level":"string","access_rule_id":"string","access_to":"string","access_type":"string","status":"string"}]],"description_kind":"plain","computed":true},"access_to":{"type":"string","description_kind":"plain","optional":true},"access_type":{"type":"string","description_kind":"plain","optional":true,"computed":true},"availability_zone":{"type":"string","description_kind":"plain","optional":true,"computed":true},"description":{"type":"string","description_kind":"plain","optional":true,"computed":true},"enterprise_project_id":{"type":"string","description_kind":"plain","optional":true,"computed":true},"export_location":{"type":"string","description_kind":"plain","computed":true},"id":{"type":"string","description_kind":"plain","optional":true,"computed":true},"is_public":{"type":"bool","description_kind":"plain","optional":true},"metadata":{"type":["map","string"],"description_kind":"plain","optional":true},"name":{"type":"string","description_kind":"plain","optional":true},"region":{"type":"string","description_kind":"plain","optional":true,"computed":true},"share_access_id":{"type":"string","description_kind":"plain","computed":true},"share_proto":{"type":"string","description_kind":"plain","optional":true},"size":{"type":"number","description_kind":"plain","required":true},"status":{"type":"string","description_kind":"plain","computed":true},"tags":{"type":["map","string"],"description_kind":"plain","optional":true}},"block_types":{"timeouts":{"nesting_mode":"single","block":{"attributes":{"create":{"type":"string","description_kind":"plain","optional":true},"delete":{"type":"string","description_kind":"plain","optional":true}},"description_kind":"plain"}}},"description_kind":"plain"}},"sbercloud_sfs_turbo":{"version":0,"block":{"attributes":{"availability_zone":{"type":"string","description_kind":"plain","required":true},"available_capacity":{"type":"string","description_kind":"plain","computed":true},"crypt_key_id":{"type":"string","description_kind":"plain","optional":true},"enhanced":{"type":"bool","description_kind":"plain","optional":true,"computed":true},"enterprise_project_id":{"type":"string","description_kind":"plain","optional":true,"computed":true},"export_location":{"type":"string","description_kind":"plain","computed":true},"id":{"type":"string","description_kind":"plain","optional":true,"computed":true},"name":{"type":"string","description_kind":"plain","required":true},"region":{"type":"string","description_kind":"plain","optional":true,"computed":true},"security_group_id":{"type":"string","description_kind":"plain","required":true},"share_proto":{"type":"string","description_kind":"plain","optional":true},"share_type":{"type":"string","description_kind":"plain","optional":true},"size":{"type":"number","description_kind":"plain","required":true},"status":{"type":"string","description_kind":"plain","computed":true},"subnet_id":{"type":"string","description_kind":"plain","required":true},"version":{"type":"string","description_kind":"plain","computed":true},"vpc_id":{"type":"string","description_kind":"plain","required":true}},"block_types":{"timeouts":{"nesting_mode":"single","block":{"attributes":{"create":{"type":"string","description_kind":"plain","optional":true},"delete":{"type":"string","description_kind":"plain","optional":true}},"description_kind":"plain"}}},"description_kind":"plain"}},"sbercloud_smn_subscription":{"version":0,"block":{"attributes":{"endpoint":{"type":"string","description_kind":"plain","required":true},"id":{"type":"string","description_kind":"plain","optional":true,"computed":true},"owner":{"type":"string","description_kind":"plain","computed":true},"protocol":{"type":"string","description_kind":"plain","required":true},"region":{"type":"string","description_kind":"plain","optional":true,"computed":true},"remark":{"type":"string","description_kind":"plain","optional":true},"status":{"type":"number","description_kind":"plain","computed":true},"subscription_urn":{"type":"string","description_kind":"plain","computed":true},"topic_urn":{"type":"string","description_kind":"plain","required":true}},"description_kind":"plain"}},"sbercloud_smn_topic":{"version":0,"block":{"attributes":{"create_time":{"type":"string","description_kind":"plain","computed":true},"display_name":{"type":"string","description_kind":"plain","optional":true},"id":{"type":"string","description_kind":"plain","optional":true,"computed":true},"name":{"type":"string","description_kind":"plain","required":true},"push_policy":{"type":"number","description_kind":"plain","computed":true},"region":{"type":"string","description_kind":"plain","optional":true,"computed":true},"topic_urn":{"type":"string","description_kind":"plain","computed":true},"update_time":{"type":"string","description_kind":"plain","computed":true}},"description_kind":"plain"}},"sbercloud_vpc":{"version":0,"block":{"attributes":{"cidr":{"type":"string","description_kind":"plain","required":true},"enterprise_project_id":{"type":"string","description_kind":"plain","optional":true,"computed":true},"id":{"type":"string","description_kind":"plain","optional":true,"computed":true},"name":{"type":"string","description_kind":"plain","required":true},"region":{"type":"string","description_kind":"plain","optional":true,"computed":true},"routes":{"type":["list",["object",{"destination":"string","nexthop":"string"}]],"description_kind":"plain","computed":true},"shared":{"type":"bool","description_kind":"plain","computed":true},"status":{"type":"string","description_kind":"plain","computed":true},"tags":{"type":["map","string"],"description_kind":"plain","optional":true}},"block_types":{"timeouts":{"nesting_mode":"single","block":{"attributes":{"create":{"type":"string","description_kind":"plain","optional":true},"delete":{"type":"string","description_kind":"plain","optional":true}},"description_kind":"plain"}}},"description_kind":"plain"}},"sbercloud_vpc_bandwidth":{"version":0,"block":{"attributes":{"bandwidth_type":{"type":"string","description_kind":"plain","computed":true},"charge_mode":{"type":"string","description_kind":"plain","computed":true},"enterprise_project_id":{"type":"string","description_kind":"plain","optional":true,"computed":true},"id":{"type":"string","description_kind":"plain","optional":true,"computed":true},"name":{"type":"string","description_kind":"plain","required":true},"region":{"type":"string","description_kind":"plain","optional":true,"computed":true},"share_type":{"type":"string","description_kind":"plain","computed":true},"size":{"type":"number","description_kind":"plain","required":true},"status":{"type":"string","description_kind":"plain","computed":true}},"block_types":{"timeouts":{"nesting_mode":"single","block":{"attributes":{"create":{"type":"string","description_kind":"plain","optional":true},"delete":{"type":"string","description_kind":"plain","optional":true},"update":{"type":"string","description_kind":"plain","optional":true}},"description_kind":"plain"}}},"description_kind":"plain"}},"sbercloud_vpc_eip":{"version":0,"block":{"attributes":{"address":{"type":"string","description_kind":"plain","computed":true},"auto_renew":{"type":"string","description_kind":"plain","optional":true},"charging_mode":{"type":"string","description_kind":"plain","optional":true,"computed":true},"enterprise_project_id":{"type":"string","description_kind":"plain","optional":true,"computed":true},"id":{"type":"string","description_kind":"plain","optional":true,"computed":true},"period":{"type":"number","description_kind":"plain","optional":true},"period_unit":{"type":"string","description_kind":"plain","optional":true},"region":{"type":"string","description_kind":"plain","optional":true,"computed":true},"status":{"type":"string","description_kind":"plain","computed":true},"tags":{"type":["map","string"],"description_kind":"plain","optional":true}},"block_types":{"bandwidth":{"nesting_mode":"list","block":{"attributes":{"charge_mode":{"type":"string","description_kind":"plain","optional":true,"computed":true},"id":{"type":"string","description_kind":"plain","optional":true,"computed":true},"name":{"type":"string","description_kind":"plain","optional":true,"computed":true},"share_type":{"type":"string","description_kind":"plain","required":true},"size":{"type":"number","description_kind":"plain","optional":true,"computed":true}},"description_kind":"plain"},"min_items":1,"max_items":1},"publicip":{"nesting_mode":"list","block":{"attributes":{"ip_address":{"type":"string","description_kind":"plain","optional":true,"computed":true},"port_id":{"type":"string","description_kind":"plain","optional":true,"computed":true},"type":{"type":"string","description_kind":"plain","required":true}},"description_kind":"plain"},"min_items":1,"max_items":1},"timeouts":{"nesting_mode":"single","block":{"attributes":{"create":{"type":"string","description_kind":"plain","optional":true},"delete":{"type":"string","description_kind":"plain","optional":true}},"description_kind":"plain"}}},"description_kind":"plain"}},"sbercloud_vpc_peering_connection":{"version":0,"block":{"attributes":{"id":{"type":"string","description_kind":"plain","optional":true,"computed":true},"name":{"type":"string","description_kind":"plain","required":true},"peer_tenant_id":{"type":"string","description_kind":"plain","optional":true,"computed":true},"peer_vpc_id":{"type":"string","description_kind":"plain","required":true},"region":{"type":"string","description_kind":"plain","optional":true,"computed":true},"status":{"type":"string","description_kind":"plain","computed":true},"vpc_id":{"type":"string","description_kind":"plain","required":true}},"block_types":{"timeouts":{"nesting_mode":"single","block":{"attributes":{"create":{"type":"string","description_kind":"plain","optional":true},"delete":{"type":"string","description_kind":"plain","optional":true}},"description_kind":"plain"}}},"description_kind":"plain"}},"sbercloud_vpc_route":{"version":0,"block":{"attributes":{"destination":{"type":"string","description_kind":"plain","required":true},"id":{"type":"string","description_kind":"plain","optional":true,"computed":true},"nexthop":{"type":"string","description_kind":"plain","required":true},"region":{"type":"string","description_kind":"plain","optional":true,"computed":true},"type":{"type":"string","description_kind":"plain","required":true},"vpc_id":{"type":"string","description_kind":"plain","required":true}},"block_types":{"timeouts":{"nesting_mode":"single","block":{"attributes":{"create":{"type":"string","description_kind":"plain","optional":true},"delete":{"type":"string","description_kind":"plain","optional":true}},"description_kind":"plain"}}},"description_kind":"plain"}},"sbercloud_vpc_subnet":{"version":0,"block":{"attributes":{"availability_zone":{"type":"string","description_kind":"plain","optional":true,"computed":true},"cidr":{"type":"string","description_kind":"plain","required":true},"dhcp_enable":{"type":"bool","description_kind":"plain","optional":true},"dns_list":{"type":["list","string"],"description_kind":"plain","optional":true,"computed":true},"gateway_ip":{"type":"string","description_kind":"plain","required":true},"id":{"type":"string","description_kind":"plain","optional":true,"computed":true},"ipv6_cidr":{"type":"string","description_kind":"plain","computed":true},"ipv6_enable":{"type":"bool","description_kind":"plain","optional":true},"ipv6_gateway":{"type":"string","description_kind":"plain","computed":true},"ipv6_subnet_id":{"type":"string","description_kind":"plain","computed":true},"name":{"type":"string","description_kind":"plain","required":true},"primary_dns":{"type":"string","description_kind":"plain","optional":true,"computed":true},"region":{"type":"string","description_kind":"plain","optional":true,"computed":true},"secondary_dns":{"type":"string","description_kind":"plain","optional":true,"computed":true},"subnet_id":{"type":"string","description_kind":"plain","computed":true},"tags":{"type":["map","string"],"description_kind":"plain","optional":true},"vpc_id":{"type":"string","description_kind":"plain","required":true}},"block_types":{"timeouts":{"nesting_mode":"single","block":{"attributes":{"create":{"type":"string","description_kind":"plain","optional":true},"delete":{"type":"string","description_kind":"plain","optional":true}},"description_kind":"plain"}}},"description_kind":"plain"}}},"data_source_schemas":{"sbercloud_availability_zones":{"version":0,"block":{"attributes":{"id":{"type":"string","description_kind":"plain","optional":true,"computed":true},"names":{"type":["list","string"],"description_kind":"plain","computed":true},"region":{"type":"string","description_kind":"plain","optional":true,"computed":true},"state":{"type":"string","description_kind":"plain","optional":true}},"description_kind":"plain"}},"sbercloud_cce_cluster":{"version":0,"block":{"attributes":{"authentication_mode":{"type":"string","description_kind":"plain","computed":true},"billing_mode":{"type":"number","description_kind":"plain","computed":true},"certificate_clusters":{"type":["list",["object",{"certificate_authority_data":"string","name":"string","server":"string"}]],"description_kind":"plain","computed":true},"certificate_users":{"type":["list",["object",{"client_certificate_data":"string","client_key_data":"string","name":"string"}]],"description_kind":"plain","computed":true},"cluster_type":{"type":"string","description_kind":"plain","optional":true},"cluster_version":{"type":"string","description_kind":"plain","computed":true},"container_network_cidr":{"type":"string","description_kind":"plain","computed":true},"container_network_type":{"type":"string","description_kind":"plain","computed":true},"description":{"type":"string","description_kind":"plain","computed":true},"endpoints":{"type":["set",["object",{"type":"string","url":"string"}]],"description_kind":"plain","computed":true},"eni_subnet_cidr":{"type":"string","description_kind":"plain","computed":true},"eni_subnet_id":{"type":"string","description_kind":"plain","computed":true},"enterprise_project_id":{"type":"string","description_kind":"plain","computed":true},"flavor_id":{"type":"string","description_kind":"plain","computed":true},"highway_subnet_id":{"type":"string","description_kind":"plain","computed":true},"id":{"type":"string","description_kind":"plain","optional":true},"kube_config_raw":{"type":"string","description_kind":"plain","computed":true},"masters":{"type":["list",["object",{"availability_zone":"string"}]],"description_kind":"plain","computed":true},"name":{"type":"string","description_kind":"plain","optional":true},"region":{"type":"string","description_kind":"plain","optional":true,"computed":true},"security_group_id":{"type":"string","description_kind":"plain","computed":true},"service_network_cidr":{"type":"string","description_kind":"plain","computed":true},"status":{"type":"string","description_kind":"plain","optional":true},"subnet_id":{"type":"string","description_kind":"plain","computed":true},"vpc_id":{"type":"string","description_kind":"plain","optional":true}},"description_kind":"plain"}},"sbercloud_cce_node":{"version":0,"block":{"attributes":{"availability_zone":{"type":"string","description_kind":"plain","computed":true},"billing_mode":{"type":"number","description_kind":"plain","computed":true},"cluster_id":{"type":"string","description_kind":"plain","required":true},"data_volumes":{"type":["list",["object",{"extend_params":["map","string"],"size":"number","volumetype":"string"}]],"description_kind":"plain","computed":true},"ecs_group_id":{"type":"string","description_kind":"plain","computed":true},"flavor_id":{"type":"string","description_kind":"plain","computed":true},"id":{"type":"string","description_kind":"plain","optional":true,"computed":true},"key_pair":{"type":"string","description_kind":"plain","computed":true},"name":{"type":"string","description_kind":"plain","optional":true},"node_id":{"type":"string","description_kind":"plain","optional":true},"os":{"type":"string","description_kind":"plain","computed":true},"private_ip":{"type":"string","description_kind":"plain","computed":true},"public_ip":{"type":"string","description_kind":"plain","computed":true},"region":{"type":"string","description_kind":"plain","optional":true,"computed":true},"root_volume":{"type":["list",["object",{"extend_params":["map","string"],"size":"number","volumetype":"string"}]],"description_kind":"plain","computed":true},"server_id":{"type":"string","description_kind":"plain","computed":true},"status":{"type":"string","description_kind":"plain","optional":true},"subnet_id":{"type":"string","description_kind":"plain","computed":true},"tags":{"type":["map","string"],"description_kind":"plain","computed":true}},"description_kind":"plain"}},"sbercloud_cce_node_pool":{"version":0,"block":{"attributes":{"availability_zone":{"type":"string","description_kind":"plain","computed":true},"cluster_id":{"type":"string","description_kind":"plain","required":true},"current_node_count":{"type":"number","description_kind":"plain","computed":true},"data_volumes":{"type":["list",["object",{"extend_params":["map","string"],"size":"number","volumetype":"string"}]],"description_kind":"plain","computed":true},"extend_param":{"type":["map","string"],"description_kind":"plain","computed":true},"flavor_id":{"type":"string","description_kind":"plain","computed":true},"id":{"type":"string","description_kind":"plain","optional":true,"computed":true},"initial_node_count":{"type":"number","description_kind":"plain","computed":true},"key_pair":{"type":"string","description_kind":"plain","computed":true},"labels":{"type":["map","string"],"description_kind":"plain","computed":true},"max_node_count":{"type":"number","description_kind":"plain","computed":true},"max_pods":{"type":"number","description_kind":"plain","computed":true},"min_node_count":{"type":"number","description_kind":"plain","computed":true},"name":{"type":"string","description_kind":"plain","optional":true},"node_pool_id":{"type":"string","description_kind":"plain","optional":true},"os":{"type":"string","description_kind":"plain","computed":true},"priority":{"type":"number","description_kind":"plain","computed":true},"region":{"type":"string","description_kind":"plain","optional":true,"computed":true},"root_volume":{"type":["list",["object",{"extend_params":["map","string"],"size":"number","volumetype":"string"}]],"description_kind":"plain","computed":true},"scale_down_cooldown_time":{"type":"number","description_kind":"plain","computed":true},"scall_enable":{"type":"bool","description_kind":"plain","computed":true},"status":{"type":"string","description_kind":"plain","optional":true},"subnet_id":{"type":"string","description_kind":"plain","computed":true},"tags":{"type":["map","string"],"description_kind":"plain","optional":true},"type":{"type":"string","description_kind":"plain","computed":true}},"description_kind":"plain"}},"sbercloud_cdm_flavors":{"version":0,"block":{"attributes":{"flavors":{"type":["list",["object",{"id":"string","name":"string"}]],"description_kind":"plain","computed":true},"id":{"type":"string","description_kind":"plain","optional":true,"computed":true},"region":{"type":"string","description_kind":"plain","optional":true,"computed":true},"version":{"type":"string","description_kind":"plain","computed":true}},"description_kind":"plain"}},"sbercloud_compute_flavors":{"version":0,"block":{"attributes":{"availability_zone":{"type":"string","description_kind":"plain","optional":true},"cpu_core_count":{"type":"number","description_kind":"plain","optional":true},"generation":{"type":"string","description_kind":"plain","optional":true},"id":{"type":"string","description_kind":"plain","optional":true,"computed":true},"ids":{"type":["list","string"],"description_kind":"plain","computed":true},"memory_size":{"type":"number","description_kind":"plain","optional":true},"performance_type":{"type":"string","description_kind":"plain","optional":true},"region":{"type":"string","description_kind":"plain","optional":true,"computed":true}},"description_kind":"plain"}},"sbercloud_dcs_az":{"version":0,"block":{"attributes":{"code":{"type":"string","description_kind":"plain","optional":true,"computed":true},"id":{"type":"string","description_kind":"plain","optional":true,"computed":true},"name":{"type":"string","description_kind":"plain","optional":true,"computed":true},"port":{"type":"string","description_kind":"plain","optional":true,"computed":true},"region":{"type":"string","description_kind":"plain","optional":true,"computed":true}},"description_kind":"plain"}},"sbercloud_dcs_maintainwindow":{"version":0,"block":{"attributes":{"begin":{"type":"string","description_kind":"plain","optional":true,"computed":true},"default":{"type":"bool","description_kind":"plain","optional":true,"computed":true},"end":{"type":"string","description_kind":"plain","optional":true,"computed":true},"id":{"type":"string","description_kind":"plain","optional":true,"computed":true},"region":{"type":"string","description_kind":"plain","optional":true,"computed":true},"seq":{"type":"number","description_kind":"plain","optional":true,"computed":true}},"description_kind":"plain"}},"sbercloud_dcs_product":{"version":0,"block":{"attributes":{"id":{"type":"string","description_kind":"plain","optional":true,"computed":true},"region":{"type":"string","description_kind":"plain","optional":true,"computed":true},"spec_code":{"type":"string","description_kind":"plain","optional":true,"computed":true}},"description_kind":"plain"}},"sbercloud_dds_flavors":{"version":0,"block":{"attributes":{"engine_name":{"type":"string","description_kind":"plain","required":true},"flavors":{"type":["list",["object",{"memory":"string","spec_code":"string","type":"string","vcpus":"string"}]],"description_kind":"plain","computed":true},"id":{"type":"string","description_kind":"plain","optional":true,"computed":true},"memory":{"type":"string","description_kind":"plain","optional":true},"region":{"type":"string","description_kind":"plain","optional":true,"computed":true},"type":{"type":"string","description_kind":"plain","optional":true},"vcpus":{"type":"string","description_kind":"plain","optional":true}},"description_kind":"plain"}},"sbercloud_dis_partition":{"version":0,"block":{"attributes":{"id":{"type":"string","description_kind":"plain","optional":true,"computed":true},"partitions":{"type":["list",["object",{"hash_range":"string","id":"string","sequence_number_range":"string","status":"string"}]],"description_kind":"plain","computed":true},"region":{"type":"string","description_kind":"plain","optional":true,"computed":true},"stream_name":{"type":"string","description_kind":"plain","required":true}},"description_kind":"plain"}},"sbercloud_dms_az":{"version":0,"block":{"attributes":{"code":{"type":"string","description_kind":"plain","optional":true,"computed":true},"id":{"type":"string","description_kind":"plain","optional":true,"computed":true},"name":{"type":"string","description_kind":"plain","optional":true,"computed":true},"port":{"type":"string","description_kind":"plain","optional":true,"computed":true},"region":{"type":"string","description_kind":"plain","optional":true,"computed":true}},"description_kind":"plain"}},"sbercloud_dms_maintainwindow":{"version":0,"block":{"attributes":{"begin":{"type":"string","description_kind":"plain","optional":true,"computed":true},"default":{"type":"bool","description_kind":"plain","optional":true,"computed":true},"end":{"type":"string","description_kind":"plain","optional":true,"computed":true},"id":{"type":"string","description_kind":"plain","optional":true,"computed":true},"region":{"type":"string","description_kind":"plain","optional":true,"computed":true},"seq":{"type":"number","description_kind":"plain","optional":true,"computed":true}},"description_kind":"plain"}},"sbercloud_dms_product":{"version":0,"block":{"attributes":{"bandwidth":{"type":"string","description_kind":"plain","optional":true},"engine":{"type":"string","description_kind":"plain","required":true},"id":{"type":"string","description_kind":"plain","optional":true,"computed":true},"instance_type":{"type":"string","description_kind":"plain","required":true},"io_type":{"type":"string","description_kind":"plain","optional":true,"computed":true},"node_num":{"type":"string","description_kind":"plain","optional":true,"computed":true},"partition_num":{"type":"string","description_kind":"plain","optional":true},"region":{"type":"string","description_kind":"plain","optional":true,"computed":true},"storage":{"type":"string","description_kind":"plain","optional":true,"computed":true},"storage_spec_code":{"type":"string","description_kind":"plain","optional":true,"computed":true},"version":{"type":"string","description_kind":"plain","optional":true,"computed":true},"vm_specification":{"type":"string","description_kind":"plain","optional":true,"computed":true}},"description_kind":"plain"}},"sbercloud_identity_role":{"version":0,"block":{"attributes":{"catalog":{"type":"string","description_kind":"plain","computed":true},"description":{"type":"string","description_kind":"plain","computed":true},"display_name":{"type":"string","description_kind":"plain","optional":true},"id":{"type":"string","description_kind":"plain","optional":true,"computed":true},"name":{"type":"string","description_kind":"plain","optional":true},"policy":{"type":"string","description_kind":"plain","computed":true},"type":{"type":"string","description_kind":"plain","computed":true}},"description_kind":"plain"}},"sbercloud_identity_role_v3":{"version":0,"block":{"attributes":{"catalog":{"type":"string","description_kind":"plain","computed":true},"description":{"type":"string","description_kind":"plain","computed":true},"display_name":{"type":"string","description_kind":"plain","optional":true},"id":{"type":"string","description_kind":"plain","optional":true,"computed":true},"name":{"type":"string","description_kind":"plain","optional":true},"policy":{"type":"string","description_kind":"plain","computed":true},"type":{"type":"string","description_kind":"plain","computed":true}},"description_kind":"plain"}},"sbercloud_images_image":{"version":0,"block":{"attributes":{"checksum":{"type":"string","description_kind":"plain","computed":true},"container_format":{"type":"string","description_kind":"plain","computed":true},"created_at":{"type":"string","description_kind":"plain","computed":true},"disk_format":{"type":"string","description_kind":"plain","computed":true},"file":{"type":"string","description_kind":"plain","computed":true},"id":{"type":"string","description_kind":"plain","optional":true,"computed":true},"metadata":{"type":["map","string"],"description_kind":"plain","computed":true},"min_disk_gb":{"type":"number","description_kind":"plain","computed":true},"min_ram_mb":{"type":"number","description_kind":"plain","computed":true},"most_recent":{"type":"bool","description_kind":"plain","optional":true},"name":{"type":"string","description_kind":"plain","optional":true},"owner":{"type":"string","description_kind":"plain","optional":true},"protected":{"type":"bool","description_kind":"plain","computed":true},"region":{"type":"string","description_kind":"plain","optional":true,"computed":true},"schema":{"type":"string","description_kind":"plain","computed":true},"size_bytes":{"type":"number","description_kind":"plain","computed":true},"size_max":{"type":"number","description_kind":"plain","optional":true},"size_min":{"type":"number","description_kind":"plain","optional":true},"sort_direction":{"type":"string","description_kind":"plain","optional":true},"sort_key":{"type":"string","description_kind":"plain","optional":true},"status":{"type":"string","description_kind":"plain","computed":true},"tag":{"type":"string","description_kind":"plain","optional":true},"updated_at":{"type":"string","description_kind":"plain","computed":true},"visibility":{"type":"string","description_kind":"plain","optional":true}},"description_kind":"plain"}},"sbercloud_kms_data_key":{"version":0,"block":{"attributes":{"cipher_text":{"type":"string","description_kind":"plain","optional":true},"datakey_length":{"type":"string","description_kind":"plain","required":true},"encryption_context":{"type":"string","description_kind":"plain","optional":true},"id":{"type":"string","description_kind":"plain","optional":true,"computed":true},"key_id":{"type":"string","description_kind":"plain","required":true},"plain_text":{"type":"string","description_kind":"plain","optional":true,"computed":true},"region":{"type":"string","description_kind":"plain","optional":true,"computed":true}},"description_kind":"plain"}},"sbercloud_kms_key":{"version":0,"block":{"attributes":{"creation_date":{"type":"string","description_kind":"plain","computed":true},"default_key_flag":{"type":"string","description_kind":"plain","optional":true,"computed":true},"domain_id":{"type":"string","description_kind":"plain","optional":true,"computed":true},"enterprise_project_id":{"type":"string","description_kind":"plain","optional":true,"computed":true},"id":{"type":"string","description_kind":"plain","optional":true,"computed":true},"key_alias":{"type":"string","description_kind":"plain","optional":true},"key_description":{"type":"string","description_kind":"plain","optional":true},"key_id":{"type":"string","description_kind":"plain","optional":true},"key_state":{"type":"string","description_kind":"plain","optional":true,"computed":true},"region":{"type":"string","description_kind":"plain","optional":true,"computed":true},"scheduled_deletion_date":{"type":"string","description_kind":"plain","computed":true},"tags":{"type":["map","string"],"description_kind":"plain","computed":true}},"description_kind":"plain"}},"sbercloud_nat_gateway":{"version":0,"block":{"attributes":{"description":{"type":"string","description_kind":"plain","optional":true},"enterprise_project_id":{"type":"string","description_kind":"plain","optional":true},"id":{"type":"string","description_kind":"plain","optional":true},"internal_network_id":{"type":"string","description_kind":"plain","deprecated":true,"optional":true},"name":{"type":"string","description_kind":"plain","optional":true},"region":{"type":"string","description_kind":"plain","optional":true,"computed":true},"router_id":{"type":"string","description_kind":"plain","deprecated":true,"optional":true},"spec":{"type":"string","description_kind":"plain","optional":true},"status":{"type":"string","description_kind":"plain","optional":true},"subnet_id":{"type":"string","description_kind":"plain","optional":true},"vpc_id":{"type":"string","description_kind":"plain","optional":true}},"description_kind":"plain"}},"sbercloud_networking_port":{"version":0,"block":{"attributes":{"admin_state_up":{"type":"bool","description_kind":"plain","optional":true},"all_fixed_ips":{"type":["list","string"],"description_kind":"plain","computed":true},"all_security_group_ids":{"type":["list","string"],"description_kind":"plain","computed":true},"device_id":{"type":"string","description_kind":"plain","optional":true},"device_owner":{"type":"string","description_kind":"plain","optional":true},"fixed_ip":{"type":"string","description_kind":"plain","optional":true},"id":{"type":"string","description_kind":"plain","optional":true,"computed":true},"mac_address":{"type":"string","description_kind":"plain","optional":true},"name":{"type":"string","description_kind":"plain","optional":true},"network_id":{"type":"string","description_kind":"plain","optional":true},"port_id":{"type":"string","description_kind":"plain","optional":true},"project_id":{"type":"string","description_kind":"plain","optional":true},"region":{"type":"string","description_kind":"plain","optional":true},"security_group_ids":{"type":["set","string"],"description_kind":"plain","optional":true},"status":{"type":"string","description_kind":"plain","optional":true},"tenant_id":{"type":"string","description_kind":"plain","optional":true}},"description_kind":"plain"}},"sbercloud_networking_secgroup":{"version":0,"block":{"attributes":{"id":{"type":"string","description_kind":"plain","optional":true,"computed":true},"name":{"type":"string","description_kind":"plain","optional":true},"region":{"type":"string","description_kind":"plain","optional":true,"computed":true},"secgroup_id":{"type":"string","description_kind":"plain","optional":true},"tenant_id":{"type":"string","description_kind":"plain","optional":true,"computed":true}},"description_kind":"plain"}},"sbercloud_obs_bucket_object":{"version":0,"block":{"attributes":{"bucket":{"type":"string","description_kind":"plain","required":true},"content_type":{"type":"string","description_kind":"plain","computed":true},"etag":{"type":"string","description_kind":"plain","computed":true},"id":{"type":"string","description_kind":"plain","optional":true,"computed":true},"key":{"type":"string","description_kind":"plain","required":true},"region":{"type":"string","description_kind":"plain","optional":true,"computed":true},"size":{"type":"number","description_kind":"plain","computed":true},"storage_class":{"type":"string","description_kind":"plain","computed":true},"version_id":{"type":"string","description_kind":"plain","computed":true}},"description_kind":"plain"}},"sbercloud_rds_flavors":{"version":0,"block":{"attributes":{"db_type":{"type":"string","description_kind":"plain","required":true},"db_version":{"type":"string","description_kind":"plain","required":true},"flavors":{"type":["list",["object",{"memory":"number","mode":"string","name":"string","vcpus":"string"}]],"description_kind":"plain","computed":true},"id":{"type":"string","description_kind":"plain","optional":true,"computed":true},"instance_mode":{"type":"string","description_kind":"plain","required":true},"region":{"type":"string","description_kind":"plain","optional":true,"computed":true}},"description_kind":"plain"}},"sbercloud_sfs_file_system":{"version":0,"block":{"attributes":{"access_level":{"type":"string","description_kind":"plain","computed":true},"access_to":{"type":"string","description_kind":"plain","computed":true},"access_type":{"type":"string","description_kind":"plain","computed":true},"availability_zone":{"type":"string","description_kind":"plain","computed":true},"description":{"type":"string","description_kind":"plain","computed":true},"export_location":{"type":"string","description_kind":"plain","computed":true},"export_locations":{"type":["set","string"],"description_kind":"plain","computed":true},"host":{"type":"string","description_kind":"plain","computed":true},"id":{"type":"string","description_kind":"plain","optional":true},"is_public":{"type":"bool","description_kind":"plain","computed":true},"metadata":{"type":["map","string"],"description_kind":"plain","computed":true},"mount_id":{"type":"string","description_kind":"plain","computed":true},"name":{"type":"string","description_kind":"plain","optional":true},"preferred":{"type":"bool","description_kind":"plain","computed":true},"project_id":{"type":"string","description_kind":"plain","computed":true},"region":{"type":"string","description_kind":"plain","optional":true,"computed":true},"share_access_id":{"type":"string","description_kind":"plain","computed":true},"share_instance_id":{"type":"string","description_kind":"plain","computed":true},"share_proto":{"type":"string","description_kind":"plain","computed":true},"share_type":{"type":"string","description_kind":"plain","computed":true},"size":{"type":"number","description_kind":"plain","computed":true},"state":{"type":"string","description_kind":"plain","computed":true},"status":{"type":"string","description_kind":"plain","optional":true},"volume_type":{"type":"string","description_kind":"plain","computed":true}},"description_kind":"plain"}},"sbercloud_vpc":{"version":0,"block":{"attributes":{"cidr":{"type":"string","description_kind":"plain","optional":true},"enterprise_project_id":{"type":"string","description_kind":"plain","optional":true},"id":{"type":"string","description_kind":"plain","optional":true},"name":{"type":"string","description_kind":"plain","optional":true},"region":{"type":"string","description_kind":"plain","optional":true,"computed":true},"routes":{"type":["list",["object",{"destination":"string","nexthop":"string"}]],"description_kind":"plain","computed":true},"shared":{"type":"bool","description_kind":"plain","optional":true},"status":{"type":"string","description_kind":"plain","optional":true}},"description_kind":"plain"}},"sbercloud_vpc_bandwidth":{"version":0,"block":{"attributes":{"bandwidth_type":{"type":"string","description_kind":"plain","computed":true},"charge_mode":{"type":"string","description_kind":"plain","computed":true},"enterprise_project_id":{"type":"string","description_kind":"plain","optional":true},"id":{"type":"string","description_kind":"plain","optional":true,"computed":true},"name":{"type":"string","description_kind":"plain","required":true},"region":{"type":"string","description_kind":"plain","optional":true,"computed":true},"share_type":{"type":"string","description_kind":"plain","computed":true},"size":{"type":"number","description_kind":"plain","optional":true},"status":{"type":"string","description_kind":"plain","computed":true}},"description_kind":"plain"}},"sbercloud_vpc_route":{"version":0,"block":{"attributes":{"destination":{"type":"string","description_kind":"plain","optional":true},"id":{"type":"string","description_kind":"plain","optional":true},"nexthop":{"type":"string","description_kind":"plain","optional":true},"region":{"type":"string","description_kind":"plain","optional":true,"computed":true},"tenant_id":{"type":"string","description_kind":"plain","optional":true},"type":{"type":"string","description_kind":"plain","optional":true},"vpc_id":{"type":"string","description_kind":"plain","optional":true}},"description_kind":"plain"}},"sbercloud_vpc_subnet":{"version":0,"block":{"attributes":{"availability_zone":{"type":"string","description_kind":"plain","optional":true},"cidr":{"type":"string","description_kind":"plain","optional":true},"dhcp_enable":{"type":"bool","description_kind":"plain","computed":true},"dns_list":{"type":["set","string"],"description_kind":"plain","computed":true},"gateway_ip":{"type":"string","description_kind":"plain","optional":true},"id":{"type":"string","description_kind":"plain","optional":true,"computed":true},"ipv6_cidr":{"type":"string","description_kind":"plain","computed":true},"ipv6_enable":{"type":"bool","description_kind":"plain","computed":true},"ipv6_gateway":{"type":"string","description_kind":"plain","computed":true},"ipv6_subnet_id":{"type":"string","description_kind":"plain","computed":true},"name":{"type":"string","description_kind":"plain","optional":true},"primary_dns":{"type":"string","description_kind":"plain","optional":true},"region":{"type":"string","description_kind":"plain","optional":true,"computed":true},"secondary_dns":{"type":"string","description_kind":"plain","optional":true},"status":{"type":"string","description_kind":"plain","optional":true},"subnet_id":{"type":"string","description_kind":"plain","computed":true},"vpc_id":{"type":"string","description_kind":"plain","optional":true}},"description_kind":"plain"}},"sbercloud_vpc_subnet_ids":{"version":0,"block":{"attributes":{"id":{"type":"string","description_kind":"plain","optional":true,"computed":true},"ids":{"type":["list","string"],"description_kind":"plain","computed":true},"region":{"type":"string","description_kind":"plain","optional":true,"computed":true},"vpc_id":{"type":"string","description_kind":"plain","required":true}},"description_kind":"plain"}}}}}}
