{"format_version":"0.2","provider_schemas":{"registry.terraform.io/scalingo/scalingo":{"provider":{"version":0,"block":{"attributes":{"api_token":{"type":"string","description_kind":"plain","optional":true},"api_url":{"type":"string","description_kind":"plain","optional":true},"auth_api_url":{"type":"string","description_kind":"plain","optional":true},"db_api_url":{"type":"string","description_kind":"plain","optional":true},"region":{"type":"string","description_kind":"plain","optional":true}},"description_kind":"plain"}},"resource_schemas":{"scalingo_addon":{"version":0,"block":{"attributes":{"app":{"type":"string","description_kind":"plain","required":true},"id":{"type":"string","description_kind":"plain","optional":true,"computed":true},"plan":{"type":"string","description_kind":"plain","required":true},"plan_id":{"type":"string","description_kind":"plain","computed":true},"provider_id":{"type":"string","description_kind":"plain","required":true},"resource_id":{"type":"string","description_kind":"plain","computed":true}},"description_kind":"plain"}},"scalingo_app":{"version":0,"block":{"attributes":{"all_environment":{"type":["map","string"],"description_kind":"plain","computed":true},"environment":{"type":["map","string"],"description_kind":"plain","optional":true},"git_url":{"type":"string","description_kind":"plain","computed":true},"id":{"type":"string","description_kind":"plain","optional":true,"computed":true},"name":{"type":"string","description_kind":"plain","required":true},"url":{"type":"string","description_kind":"plain","computed":true}},"description_kind":"plain"}},"scalingo_autoscaler":{"version":0,"block":{"attributes":{"app":{"type":"string","description_kind":"plain","required":true},"container_type":{"type":"string","description_kind":"plain","required":true},"disabled":{"type":"bool","description_kind":"plain","optional":true},"id":{"type":"string","description_kind":"plain","optional":true,"computed":true},"max_containers":{"type":"number","description_kind":"plain","required":true},"metric":{"type":"string","description_kind":"plain","required":true},"min_containers":{"type":"number","description_kind":"plain","required":true},"target":{"type":"number","description_kind":"plain","required":true}},"description_kind":"plain"}},"scalingo_collaborator":{"version":0,"block":{"attributes":{"app":{"type":"string","description_kind":"plain","required":true},"email":{"type":"string","description_kind":"plain","required":true},"id":{"type":"string","description_kind":"plain","optional":true,"computed":true},"status":{"type":"string","description_kind":"plain","computed":true},"username":{"type":"string","description_kind":"plain","computed":true}},"description_kind":"plain"}},"scalingo_container_type":{"version":0,"block":{"attributes":{"amount":{"type":"number","description_kind":"plain","optional":true},"app":{"type":"string","description_kind":"plain","required":true},"id":{"type":"string","description_kind":"plain","optional":true,"computed":true},"name":{"type":"string","description_kind":"plain","required":true},"size":{"type":"string","description_kind":"plain","optional":true}},"description_kind":"plain"}},"scalingo_domain":{"version":0,"block":{"attributes":{"app":{"type":"string","description_kind":"plain","required":true},"common_name":{"type":"string","description_kind":"plain","required":true},"id":{"type":"string","description_kind":"plain","optional":true,"computed":true}},"description_kind":"plain"}},"scalingo_github_link":{"version":0,"block":{"attributes":{"app":{"type":"string","description_kind":"plain","required":true},"auto_deploy":{"type":"bool","description_kind":"plain","optional":true},"branch":{"type":"string","description_kind":"plain","optional":true},"deploy_on_branch_change":{"type":"bool","description_kind":"plain","optional":true},"destroy_closed_review_app_after":{"type":"number","description_kind":"plain","optional":true},"destroy_review_app_on_close":{"type":"bool","description_kind":"plain","optional":true},"destroy_stale_review_app":{"type":"bool","description_kind":"plain","optional":true},"destroy_stale_review_app_after":{"type":"number","description_kind":"plain","optional":true},"id":{"type":"string","description_kind":"plain","optional":true,"computed":true},"review_apps":{"type":"bool","description_kind":"plain","optional":true},"source":{"type":"string","description_kind":"plain","required":true}},"description_kind":"plain"}},"scalingo_notifier":{"version":0,"block":{"attributes":{"active":{"type":"bool","description_kind":"plain","optional":true},"app":{"type":"string","description_kind":"plain","required":true},"emails":{"type":["list","string"],"description_kind":"plain","optional":true},"id":{"type":"string","description_kind":"plain","optional":true,"computed":true},"name":{"type":"string","description_kind":"plain","required":true},"platform_id":{"type":"string","description_kind":"plain","required":true},"selected_events":{"type":["set","string"],"description_kind":"plain","optional":true},"send_all_alerts":{"type":"bool","description_kind":"plain","optional":true},"send_all_events":{"type":"bool","description_kind":"plain","optional":true},"type":{"type":"string","description_kind":"plain","computed":true},"user_ids":{"type":["list","string"],"description_kind":"plain","optional":true},"webhook_url":{"type":"string","description_kind":"plain","optional":true}},"description_kind":"plain"}},"scalingo_run":{"version":0,"block":{"attributes":{"app":{"type":"string","description_kind":"plain","required":true},"command":{"type":["list","string"],"description_kind":"plain","required":true},"detached":{"type":"bool","description_kind":"plain","optional":true},"id":{"type":"string","description_kind":"plain","optional":true,"computed":true},"output":{"type":"string","description_kind":"plain","computed":true}},"description_kind":"plain"}}},"data_source_schemas":{"scalingo_notification_platform":{"version":0,"block":{"attributes":{"available_event_ids":{"type":["set","string"],"description_kind":"plain","optional":true,"computed":true},"description":{"type":"string","description_kind":"plain","computed":true},"display_name":{"type":"string","description_kind":"plain","computed":true},"id":{"type":"string","description_kind":"plain","optional":true,"computed":true},"logo_url":{"type":"string","description_kind":"plain","computed":true},"name":{"type":"string","description_kind":"plain","required":true}},"description_kind":"plain"}}}}}}
