{"format_version":"0.2","provider_schemas":{"registry.terraform.io/scalingo/osc":{"provider":{"version":0,"block":{"attributes":{"access_key":{"type":"string","description":"The access key for API operations. You can retrieve this\nfrom the 'Security \u0026 Credentials' section of the AWS console.","description_kind":"plain","optional":true},"allowed_account_ids":{"type":["set","string"],"description_kind":"plain","optional":true},"forbidden_account_ids":{"type":["set","string"],"description_kind":"plain","optional":true},"insecure":{"type":"bool","description":"Explicitly allow the provider to perform \"insecure\" SSL requests. If omitted,default value is `false`","description_kind":"plain","optional":true},"max_retries":{"type":"number","description":"The maximum number of times an AWS API request is\nbeing executed. If the API request still fails, an error is\nthrown.","description_kind":"plain","optional":true},"profile":{"type":"string","description":"The profile for API operations. If not set, the default profile\ncreated with `aws configure` will be used.","description_kind":"plain","optional":true},"region":{"type":"string","description":"The region where AWS operations will take place. Examples\nare us-east-1, us-west-2, etc.","description_kind":"plain","required":true},"s3_force_path_style":{"type":"bool","description":"Set this to true to force the request to use path-style addressing,\ni.e., http://s3.amazonaws.com/BUCKET/KEY. By default, the S3 client will\nuse virtual hosted bucket addressing when possible\n(http://BUCKET.s3.amazonaws.com/KEY). Specific to the Amazon S3 service.","description_kind":"plain","optional":true},"secret_key":{"type":"string","description":"The secret key for API operations. You can retrieve this\nfrom the 'Security \u0026 Credentials' section of the AWS console.","description_kind":"plain","optional":true},"shared_credentials_file":{"type":"string","description":"The path to the shared credentials file. If not set\nthis defaults to ~/.aws/credentials.","description_kind":"plain","optional":true},"skip_metadata_api_check":{"type":"bool","description_kind":"plain","optional":true},"skip_region_validation":{"type":"bool","description":"Skip static validation of region name. Used by users of alternative AWS-like APIs or users w/ access to regions that are not public (yet).","description_kind":"plain","optional":true},"token":{"type":"string","description":"session token. A session token is only required if you are\nusing temporary security credentials.","description_kind":"plain","optional":true}},"block_types":{"assume_role":{"nesting_mode":"set","block":{"attributes":{"external_id":{"type":"string","description":"The external ID to use when assuming the role. If omitted, no external ID is passed to the AssumeRole call.","description_kind":"plain","optional":true},"policy":{"type":"string","description":"The permissions applied when assuming a role. You cannot use, this policy to grant further permissions that are in excess to those of the,  role that is being assumed.","description_kind":"plain","optional":true},"role_arn":{"type":"string","description":"The ARN of an IAM role to assume prior to making API calls.","description_kind":"plain","optional":true},"session_name":{"type":"string","description":"The session name to use when assuming the role. If omitted, no session name is passed to the AssumeRole call.","description_kind":"plain","optional":true}},"description_kind":"plain"},"max_items":1},"endpoints":{"nesting_mode":"set","block":{"attributes":{"ec2":{"type":"string","description":"Use this to override the default endpoint URL constructed from the `region`.\n","description_kind":"plain","optional":true},"elb":{"type":"string","description":"Use this to override the default endpoint URL constructed from the `region`.\n","description_kind":"plain","optional":true},"iam":{"type":"string","description":"Use this to override the default endpoint URL constructed from the `region`.\n","description_kind":"plain","optional":true},"s3":{"type":"string","description":"Use this to override the default endpoint URL constructed from the `region`.\n","description_kind":"plain","optional":true}},"description_kind":"plain"}}},"description_kind":"plain"}},"resource_schemas":{"osc_ami":{"version":0,"block":{"attributes":{"architecture":{"type":"string","description_kind":"plain","optional":true},"description":{"type":"string","description_kind":"plain","optional":true},"id":{"type":"string","description_kind":"plain","optional":true,"computed":true},"image_location":{"type":"string","description_kind":"plain","optional":true,"computed":true},"kernel_id":{"type":"string","description_kind":"plain","optional":true},"manage_ebs_snapshots":{"type":"bool","description_kind":"plain","computed":true},"name":{"type":"string","description_kind":"plain","required":true},"ramdisk_id":{"type":"string","description_kind":"plain","optional":true},"root_device_name":{"type":"string","description_kind":"plain","optional":true},"sriov_net_support":{"type":"string","description_kind":"plain","optional":true},"tags":{"type":["map","string"],"description_kind":"plain","optional":true},"virtualization_type":{"type":"string","description_kind":"plain","optional":true}},"block_types":{"ebs_block_device":{"nesting_mode":"set","block":{"attributes":{"delete_on_termination":{"type":"bool","description_kind":"plain","optional":true},"device_name":{"type":"string","description_kind":"plain","required":true},"encrypted":{"type":"bool","description_kind":"plain","optional":true},"iops":{"type":"number","description_kind":"plain","optional":true},"snapshot_id":{"type":"string","description_kind":"plain","optional":true},"volume_size":{"type":"number","description_kind":"plain","optional":true,"computed":true},"volume_type":{"type":"string","description_kind":"plain","optional":true}},"description_kind":"plain"}},"ephemeral_block_device":{"nesting_mode":"set","block":{"attributes":{"device_name":{"type":"string","description_kind":"plain","required":true},"virtual_name":{"type":"string","description_kind":"plain","required":true}},"description_kind":"plain"}}},"description_kind":"plain"}},"osc_ami_copy":{"version":0,"block":{"attributes":{"architecture":{"type":"string","description_kind":"plain","computed":true},"description":{"type":"string","description_kind":"plain","optional":true},"encrypted":{"type":"bool","description_kind":"plain","optional":true},"id":{"type":"string","description_kind":"plain","optional":true,"computed":true},"image_location":{"type":"string","description_kind":"plain","computed":true},"kernel_id":{"type":"string","description_kind":"plain","computed":true},"kms_key_id":{"type":"string","description_kind":"plain","optional":true,"computed":true},"manage_ebs_snapshots":{"type":"bool","description_kind":"plain","computed":true},"name":{"type":"string","description_kind":"plain","required":true},"ramdisk_id":{"type":"string","description_kind":"plain","computed":true},"root_device_name":{"type":"string","description_kind":"plain","computed":true},"source_ami_id":{"type":"string","description_kind":"plain","required":true},"source_ami_region":{"type":"string","description_kind":"plain","required":true},"sriov_net_support":{"type":"string","description_kind":"plain","computed":true},"tags":{"type":["map","string"],"description_kind":"plain","optional":true},"virtualization_type":{"type":"string","description_kind":"plain","computed":true}},"block_types":{"ebs_block_device":{"nesting_mode":"set","block":{"attributes":{"delete_on_termination":{"type":"bool","description_kind":"plain","computed":true},"device_name":{"type":"string","description_kind":"plain","computed":true},"encrypted":{"type":"bool","description_kind":"plain","computed":true},"iops":{"type":"number","description_kind":"plain","computed":true},"snapshot_id":{"type":"string","description_kind":"plain","computed":true},"volume_size":{"type":"number","description_kind":"plain","computed":true},"volume_type":{"type":"string","description_kind":"plain","computed":true}},"description_kind":"plain"}},"ephemeral_block_device":{"nesting_mode":"set","block":{"attributes":{"device_name":{"type":"string","description_kind":"plain","computed":true},"virtual_name":{"type":"string","description_kind":"plain","computed":true}},"description_kind":"plain"}}},"description_kind":"plain"}},"osc_ami_from_instance":{"version":0,"block":{"attributes":{"architecture":{"type":"string","description_kind":"plain","computed":true},"description":{"type":"string","description_kind":"plain","optional":true},"id":{"type":"string","description_kind":"plain","optional":true,"computed":true},"image_location":{"type":"string","description_kind":"plain","computed":true},"kernel_id":{"type":"string","description_kind":"plain","computed":true},"manage_ebs_snapshots":{"type":"bool","description_kind":"plain","computed":true},"name":{"type":"string","description_kind":"plain","required":true},"ramdisk_id":{"type":"string","description_kind":"plain","computed":true},"root_device_name":{"type":"string","description_kind":"plain","computed":true},"snapshot_without_reboot":{"type":"bool","description_kind":"plain","optional":true},"source_instance_id":{"type":"string","description_kind":"plain","required":true},"sriov_net_support":{"type":"string","description_kind":"plain","computed":true},"tags":{"type":["map","string"],"description_kind":"plain","optional":true},"virtualization_type":{"type":"string","description_kind":"plain","computed":true}},"block_types":{"ebs_block_device":{"nesting_mode":"set","block":{"attributes":{"delete_on_termination":{"type":"bool","description_kind":"plain","computed":true},"device_name":{"type":"string","description_kind":"plain","computed":true},"encrypted":{"type":"bool","description_kind":"plain","computed":true},"iops":{"type":"number","description_kind":"plain","computed":true},"snapshot_id":{"type":"string","description_kind":"plain","computed":true},"volume_size":{"type":"number","description_kind":"plain","computed":true},"volume_type":{"type":"string","description_kind":"plain","computed":true}},"description_kind":"plain"}},"ephemeral_block_device":{"nesting_mode":"set","block":{"attributes":{"device_name":{"type":"string","description_kind":"plain","computed":true},"virtual_name":{"type":"string","description_kind":"plain","computed":true}},"description_kind":"plain"}}},"description_kind":"plain"}},"osc_ami_launch_permission":{"version":0,"block":{"attributes":{"account_id":{"type":"string","description_kind":"plain","required":true},"id":{"type":"string","description_kind":"plain","optional":true,"computed":true},"image_id":{"type":"string","description_kind":"plain","required":true}},"description_kind":"plain"}},"osc_api_gateway_account":{"version":0,"block":{"attributes":{"cloudwatch_role_arn":{"type":"string","description_kind":"plain","optional":true},"id":{"type":"string","description_kind":"plain","optional":true,"computed":true},"throttle_settings":{"type":["list",["object",{"burst_limit":"number","rate_limit":"number"}]],"description_kind":"plain","computed":true}},"description_kind":"plain"}},"osc_api_gateway_api_key":{"version":0,"block":{"attributes":{"created_date":{"type":"string","description_kind":"plain","computed":true},"description":{"type":"string","description_kind":"plain","optional":true},"enabled":{"type":"bool","description_kind":"plain","optional":true},"id":{"type":"string","description_kind":"plain","optional":true,"computed":true},"last_updated_date":{"type":"string","description_kind":"plain","computed":true},"name":{"type":"string","description_kind":"plain","required":true}},"block_types":{"stage_key":{"nesting_mode":"set","block":{"attributes":{"rest_api_id":{"type":"string","description_kind":"plain","required":true},"stage_name":{"type":"string","description_kind":"plain","required":true}},"description_kind":"plain"}}},"description_kind":"plain"}},"osc_api_gateway_authorizer":{"version":0,"block":{"attributes":{"authorizer_credentials":{"type":"string","description_kind":"plain","optional":true},"authorizer_result_ttl_in_seconds":{"type":"number","description_kind":"plain","optional":true},"authorizer_uri":{"type":"string","description_kind":"plain","required":true},"id":{"type":"string","description_kind":"plain","optional":true,"computed":true},"identity_source":{"type":"string","description_kind":"plain","optional":true},"identity_validation_expression":{"type":"string","description_kind":"plain","optional":true},"name":{"type":"string","description_kind":"plain","required":true},"rest_api_id":{"type":"string","description_kind":"plain","required":true},"type":{"type":"string","description_kind":"plain","optional":true}},"description_kind":"plain"}},"osc_api_gateway_base_path_mapping":{"version":0,"block":{"attributes":{"api_id":{"type":"string","description_kind":"plain","required":true},"base_path":{"type":"string","description_kind":"plain","optional":true},"domain_name":{"type":"string","description_kind":"plain","required":true},"id":{"type":"string","description_kind":"plain","optional":true,"computed":true},"stage_name":{"type":"string","description_kind":"plain","optional":true}},"description_kind":"plain"}},"osc_api_gateway_client_certificate":{"version":0,"block":{"attributes":{"created_date":{"type":"string","description_kind":"plain","computed":true},"description":{"type":"string","description_kind":"plain","optional":true},"expiration_date":{"type":"string","description_kind":"plain","computed":true},"id":{"type":"string","description_kind":"plain","optional":true,"computed":true},"pem_encoded_certificate":{"type":"string","description_kind":"plain","computed":true}},"description_kind":"plain"}},"osc_api_gateway_integration":{"version":0,"block":{"attributes":{"content_handling":{"type":"string","description_kind":"plain","optional":true},"credentials":{"type":"string","description_kind":"plain","optional":true},"http_method":{"type":"string","description_kind":"plain","required":true},"id":{"type":"string","description_kind":"plain","optional":true,"computed":true},"integration_http_method":{"type":"string","description_kind":"plain","optional":true},"passthrough_behavior":{"type":"string","description_kind":"plain","optional":true,"computed":true},"request_parameters":{"type":["map","string"],"description_kind":"plain","optional":true},"request_parameters_in_json":{"type":"string","description_kind":"plain","optional":true},"request_templates":{"type":["map","string"],"description_kind":"plain","optional":true},"resource_id":{"type":"string","description_kind":"plain","required":true},"rest_api_id":{"type":"string","description_kind":"plain","required":true},"type":{"type":"string","description_kind":"plain","required":true},"uri":{"type":"string","description_kind":"plain","optional":true}},"description_kind":"plain"}},"osc_api_gateway_integration_response":{"version":0,"block":{"attributes":{"content_handling":{"type":"string","description_kind":"plain","optional":true},"http_method":{"type":"string","description_kind":"plain","required":true},"id":{"type":"string","description_kind":"plain","optional":true,"computed":true},"resource_id":{"type":"string","description_kind":"plain","required":true},"response_parameters":{"type":["map","string"],"description_kind":"plain","optional":true},"response_parameters_in_json":{"type":"string","description_kind":"plain","optional":true},"response_templates":{"type":["map","string"],"description_kind":"plain","optional":true},"rest_api_id":{"type":"string","description_kind":"plain","required":true},"selection_pattern":{"type":"string","description_kind":"plain","optional":true},"status_code":{"type":"string","description_kind":"plain","required":true}},"description_kind":"plain"}},"osc_api_gateway_method":{"version":0,"block":{"attributes":{"api_key_required":{"type":"bool","description_kind":"plain","optional":true},"authorization":{"type":"string","description_kind":"plain","required":true},"authorizer_id":{"type":"string","description_kind":"plain","optional":true},"http_method":{"type":"string","description_kind":"plain","required":true},"id":{"type":"string","description_kind":"plain","optional":true,"computed":true},"request_models":{"type":["map","string"],"description_kind":"plain","optional":true},"request_parameters":{"type":["map","bool"],"description_kind":"plain","optional":true},"request_parameters_in_json":{"type":"string","description_kind":"plain","optional":true},"resource_id":{"type":"string","description_kind":"plain","required":true},"rest_api_id":{"type":"string","description_kind":"plain","required":true}},"description_kind":"plain"}},"osc_api_gateway_method_response":{"version":0,"block":{"attributes":{"http_method":{"type":"string","description_kind":"plain","required":true},"id":{"type":"string","description_kind":"plain","optional":true,"computed":true},"resource_id":{"type":"string","description_kind":"plain","required":true},"response_models":{"type":["map","string"],"description_kind":"plain","optional":true},"response_parameters":{"type":["map","bool"],"description_kind":"plain","optional":true},"response_parameters_in_json":{"type":"string","description_kind":"plain","optional":true},"rest_api_id":{"type":"string","description_kind":"plain","required":true},"status_code":{"type":"string","description_kind":"plain","required":true}},"description_kind":"plain"}},"osc_api_gateway_model":{"version":0,"block":{"attributes":{"content_type":{"type":"string","description_kind":"plain","required":true},"description":{"type":"string","description_kind":"plain","optional":true},"id":{"type":"string","description_kind":"plain","optional":true,"computed":true},"name":{"type":"string","description_kind":"plain","required":true},"rest_api_id":{"type":"string","description_kind":"plain","required":true},"schema":{"type":"string","description_kind":"plain","optional":true}},"description_kind":"plain"}},"osc_api_gateway_resource":{"version":0,"block":{"attributes":{"id":{"type":"string","description_kind":"plain","optional":true,"computed":true},"parent_id":{"type":"string","description_kind":"plain","required":true},"path":{"type":"string","description_kind":"plain","computed":true},"path_part":{"type":"string","description_kind":"plain","required":true},"rest_api_id":{"type":"string","description_kind":"plain","required":true}},"description_kind":"plain"}},"osc_api_gateway_rest_api":{"version":0,"block":{"attributes":{"binary_media_types":{"type":["list","string"],"description_kind":"plain","optional":true},"created_date":{"type":"string","description_kind":"plain","computed":true},"description":{"type":"string","description_kind":"plain","optional":true},"id":{"type":"string","description_kind":"plain","optional":true,"computed":true},"name":{"type":"string","description_kind":"plain","required":true},"root_resource_id":{"type":"string","description_kind":"plain","computed":true}},"description_kind":"plain"}},"osc_app_cookie_stickiness_policy":{"version":0,"block":{"attributes":{"cookie_name":{"type":"string","description_kind":"plain","required":true},"id":{"type":"string","description_kind":"plain","optional":true,"computed":true},"lb_port":{"type":"number","description_kind":"plain","required":true},"load_balancer":{"type":"string","description_kind":"plain","required":true},"name":{"type":"string","description_kind":"plain","required":true}},"description_kind":"plain"}},"osc_customer_gateway":{"version":0,"block":{"attributes":{"bgp_asn":{"type":"number","description_kind":"plain","required":true},"id":{"type":"string","description_kind":"plain","optional":true,"computed":true},"ip_address":{"type":"string","description_kind":"plain","required":true},"tags":{"type":["map","string"],"description_kind":"plain","optional":true},"type":{"type":"string","description_kind":"plain","required":true}},"description_kind":"plain"}},"osc_default_network_acl":{"version":0,"block":{"attributes":{"default_network_acl_id":{"type":"string","description_kind":"plain","required":true},"id":{"type":"string","description_kind":"plain","optional":true,"computed":true},"subnet_ids":{"type":["set","string"],"description_kind":"plain","optional":true},"tags":{"type":["map","string"],"description_kind":"plain","optional":true},"vpc_id":{"type":"string","description_kind":"plain","computed":true}},"block_types":{"egress":{"nesting_mode":"set","block":{"attributes":{"action":{"type":"string","description_kind":"plain","required":true},"cidr_block":{"type":"string","description_kind":"plain","optional":true},"from_port":{"type":"number","description_kind":"plain","required":true},"icmp_code":{"type":"number","description_kind":"plain","optional":true},"icmp_type":{"type":"number","description_kind":"plain","optional":true},"protocol":{"type":"string","description_kind":"plain","required":true},"rule_no":{"type":"number","description_kind":"plain","required":true},"to_port":{"type":"number","description_kind":"plain","required":true}},"description_kind":"plain"}},"ingress":{"nesting_mode":"set","block":{"attributes":{"action":{"type":"string","description_kind":"plain","required":true},"cidr_block":{"type":"string","description_kind":"plain","optional":true},"from_port":{"type":"number","description_kind":"plain","required":true},"icmp_code":{"type":"number","description_kind":"plain","optional":true},"icmp_type":{"type":"number","description_kind":"plain","optional":true},"protocol":{"type":"string","description_kind":"plain","required":true},"rule_no":{"type":"number","description_kind":"plain","required":true},"to_port":{"type":"number","description_kind":"plain","required":true}},"description_kind":"plain"}}},"description_kind":"plain"}},"osc_default_route_table":{"version":0,"block":{"attributes":{"default_route_table_id":{"type":"string","description_kind":"plain","required":true},"id":{"type":"string","description_kind":"plain","optional":true,"computed":true},"propagating_vgws":{"type":["set","string"],"description_kind":"plain","optional":true},"tags":{"type":["map","string"],"description_kind":"plain","optional":true},"vpc_id":{"type":"string","description_kind":"plain","computed":true}},"block_types":{"route":{"nesting_mode":"set","block":{"attributes":{"cidr_block":{"type":"string","description_kind":"plain","required":true},"gateway_id":{"type":"string","description_kind":"plain","optional":true},"instance_id":{"type":"string","description_kind":"plain","optional":true},"nat_gateway_id":{"type":"string","description_kind":"plain","optional":true},"network_interface_id":{"type":"string","description_kind":"plain","optional":true},"vpc_peering_connection_id":{"type":"string","description_kind":"plain","optional":true}},"description_kind":"plain"}}},"description_kind":"plain"}},"osc_default_security_group":{"version":0,"block":{"attributes":{"id":{"type":"string","description_kind":"plain","optional":true,"computed":true},"name":{"type":"string","description_kind":"plain","computed":true},"owner_id":{"type":"string","description_kind":"plain","computed":true},"tags":{"type":["map","string"],"description_kind":"plain","optional":true},"vpc_id":{"type":"string","description_kind":"plain","optional":true,"computed":true}},"block_types":{"egress":{"nesting_mode":"set","block":{"attributes":{"cidr_blocks":{"type":["list","string"],"description_kind":"plain","optional":true},"from_port":{"type":"number","description_kind":"plain","required":true},"prefix_list_ids":{"type":["list","string"],"description_kind":"plain","optional":true},"protocol":{"type":"string","description_kind":"plain","required":true},"security_groups":{"type":["set","string"],"description_kind":"plain","optional":true},"self":{"type":"bool","description_kind":"plain","optional":true},"to_port":{"type":"number","description_kind":"plain","required":true}},"description_kind":"plain"}},"ingress":{"nesting_mode":"set","block":{"attributes":{"cidr_blocks":{"type":["list","string"],"description_kind":"plain","optional":true},"from_port":{"type":"number","description_kind":"plain","required":true},"protocol":{"type":"string","description_kind":"plain","required":true},"security_groups":{"type":["set","string"],"description_kind":"plain","optional":true},"self":{"type":"bool","description_kind":"plain","optional":true},"to_port":{"type":"number","description_kind":"plain","required":true}},"description_kind":"plain"}}},"description_kind":"plain"}},"osc_ebs_snapshot":{"version":0,"block":{"attributes":{"data_encryption_key_id":{"type":"string","description_kind":"plain","computed":true},"description":{"type":"string","description_kind":"plain","optional":true},"encrypted":{"type":"bool","description_kind":"plain","computed":true},"id":{"type":"string","description_kind":"plain","optional":true,"computed":true},"kms_key_id":{"type":"string","description_kind":"plain","computed":true},"owner_alias":{"type":"string","description_kind":"plain","computed":true},"owner_id":{"type":"string","description_kind":"plain","computed":true},"tags":{"type":["map","string"],"description_kind":"plain","optional":true},"volume_id":{"type":"string","description_kind":"plain","required":true},"volume_size":{"type":"number","description_kind":"plain","computed":true}},"description_kind":"plain"}},"osc_ebs_volume":{"version":0,"block":{"attributes":{"availability_zone":{"type":"string","description_kind":"plain","required":true},"encrypted":{"type":"bool","description_kind":"plain","optional":true,"computed":true},"id":{"type":"string","description_kind":"plain","optional":true,"computed":true},"iops":{"type":"number","description_kind":"plain","optional":true,"computed":true},"kms_key_id":{"type":"string","description_kind":"plain","optional":true,"computed":true},"size":{"type":"number","description_kind":"plain","optional":true,"computed":true},"snapshot_id":{"type":"string","description_kind":"plain","optional":true,"computed":true},"tags":{"type":["map","string"],"description_kind":"plain","optional":true},"type":{"type":"string","description_kind":"plain","optional":true,"computed":true}},"description_kind":"plain"}},"osc_eip":{"version":0,"block":{"attributes":{"allocation_id":{"type":"string","description_kind":"plain","computed":true},"associate_with_private_ip":{"type":"string","description_kind":"plain","optional":true},"association_id":{"type":"string","description_kind":"plain","computed":true},"domain":{"type":"string","description_kind":"plain","computed":true},"id":{"type":"string","description_kind":"plain","optional":true,"computed":true},"instance":{"type":"string","description_kind":"plain","optional":true,"computed":true},"network_interface":{"type":"string","description_kind":"plain","optional":true,"computed":true},"private_ip":{"type":"string","description_kind":"plain","computed":true},"public_ip":{"type":"string","description_kind":"plain","computed":true},"tags":{"type":["map","string"],"description_kind":"plain","optional":true},"vpc":{"type":"bool","description_kind":"plain","optional":true,"computed":true}},"description_kind":"plain"}},"osc_eip_association":{"version":0,"block":{"attributes":{"allocation_id":{"type":"string","description_kind":"plain","optional":true,"computed":true},"allow_reassociation":{"type":"bool","description_kind":"plain","optional":true},"id":{"type":"string","description_kind":"plain","optional":true,"computed":true},"instance_id":{"type":"string","description_kind":"plain","optional":true,"computed":true},"network_interface_id":{"type":"string","description_kind":"plain","optional":true,"computed":true},"private_ip_address":{"type":"string","description_kind":"plain","optional":true,"computed":true},"public_ip":{"type":"string","description_kind":"plain","optional":true,"computed":true}},"description_kind":"plain"}},"osc_elb":{"version":0,"block":{"attributes":{"availability_zones":{"type":["set","string"],"description_kind":"plain","optional":true,"computed":true},"cross_zone_load_balancing":{"type":"bool","description_kind":"plain","optional":true},"dns_name":{"type":"string","description_kind":"plain","computed":true},"id":{"type":"string","description_kind":"plain","optional":true,"computed":true},"idle_timeout":{"type":"number","description_kind":"plain","optional":true},"instances":{"type":["set","string"],"description_kind":"plain","optional":true,"computed":true},"internal":{"type":"bool","description_kind":"plain","optional":true,"computed":true},"name":{"type":"string","description_kind":"plain","optional":true,"computed":true},"security_groups":{"type":["set","string"],"description_kind":"plain","optional":true,"computed":true},"source_security_group":{"type":"string","description_kind":"plain","optional":true,"computed":true},"source_security_group_id":{"type":"string","description_kind":"plain","computed":true},"subnets":{"type":["set","string"],"description_kind":"plain","optional":true,"computed":true},"tags":{"type":["map","string"],"description_kind":"plain","optional":true},"zone_id":{"type":"string","description_kind":"plain","computed":true}},"block_types":{"access_logs":{"nesting_mode":"list","block":{"attributes":{"bucket":{"type":"string","description_kind":"plain","required":true},"bucket_prefix":{"type":"string","description_kind":"plain","optional":true},"enabled":{"type":"bool","description_kind":"plain","optional":true},"interval":{"type":"number","description_kind":"plain","optional":true}},"description_kind":"plain"},"max_items":1},"health_check":{"nesting_mode":"list","block":{"attributes":{"healthy_threshold":{"type":"number","description_kind":"plain","required":true},"interval":{"type":"number","description_kind":"plain","required":true},"target":{"type":"string","description_kind":"plain","required":true},"timeout":{"type":"number","description_kind":"plain","required":true},"unhealthy_threshold":{"type":"number","description_kind":"plain","required":true}},"description_kind":"plain"},"max_items":1},"listener":{"nesting_mode":"set","block":{"attributes":{"instance_port":{"type":"number","description_kind":"plain","required":true},"instance_protocol":{"type":"string","description_kind":"plain","required":true},"lb_port":{"type":"number","description_kind":"plain","required":true},"lb_protocol":{"type":"string","description_kind":"plain","required":true},"ssl_certificate_id":{"type":"string","description_kind":"plain","optional":true}},"description_kind":"plain"},"min_items":1}},"description_kind":"plain"}},"osc_elb_attachment":{"version":0,"block":{"attributes":{"elb":{"type":"string","description_kind":"plain","required":true},"id":{"type":"string","description_kind":"plain","optional":true,"computed":true},"instance":{"type":"string","description_kind":"plain","required":true}},"description_kind":"plain"}},"osc_flow_log":{"version":0,"block":{"attributes":{"eni_id":{"type":"string","description_kind":"plain","optional":true},"iam_role_arn":{"type":"string","description_kind":"plain","required":true},"id":{"type":"string","description_kind":"plain","optional":true,"computed":true},"log_group_name":{"type":"string","description_kind":"plain","required":true},"subnet_id":{"type":"string","description_kind":"plain","optional":true},"traffic_type":{"type":"string","description_kind":"plain","required":true},"vpc_id":{"type":"string","description_kind":"plain","optional":true}},"description_kind":"plain"}},"osc_iam_access_key":{"version":0,"block":{"attributes":{"encrypted_secret":{"type":"string","description_kind":"plain","computed":true},"id":{"type":"string","description_kind":"plain","optional":true,"computed":true},"key_fingerprint":{"type":"string","description_kind":"plain","computed":true},"pgp_key":{"type":"string","description_kind":"plain","optional":true},"secret":{"type":"string","description_kind":"plain","computed":true},"ses_smtp_password":{"type":"string","description_kind":"plain","computed":true},"status":{"type":"string","description_kind":"plain","computed":true},"user":{"type":"string","description_kind":"plain","required":true}},"description_kind":"plain"}},"osc_iam_account_password_policy":{"version":0,"block":{"attributes":{"allow_users_to_change_password":{"type":"bool","description_kind":"plain","optional":true},"expire_passwords":{"type":"bool","description_kind":"plain","computed":true},"hard_expiry":{"type":"bool","description_kind":"plain","optional":true,"computed":true},"id":{"type":"string","description_kind":"plain","optional":true,"computed":true},"max_password_age":{"type":"number","description_kind":"plain","optional":true,"computed":true},"minimum_password_length":{"type":"number","description_kind":"plain","optional":true},"password_reuse_prevention":{"type":"number","description_kind":"plain","optional":true,"computed":true},"require_lowercase_characters":{"type":"bool","description_kind":"plain","optional":true,"computed":true},"require_numbers":{"type":"bool","description_kind":"plain","optional":true,"computed":true},"require_symbols":{"type":"bool","description_kind":"plain","optional":true,"computed":true},"require_uppercase_characters":{"type":"bool","description_kind":"plain","optional":true,"computed":true}},"description_kind":"plain"}},"osc_iam_group":{"version":0,"block":{"attributes":{"arn":{"type":"string","description_kind":"plain","computed":true},"id":{"type":"string","description_kind":"plain","optional":true,"computed":true},"name":{"type":"string","description_kind":"plain","required":true},"path":{"type":"string","description_kind":"plain","optional":true},"unique_id":{"type":"string","description_kind":"plain","computed":true}},"description_kind":"plain"}},"osc_iam_group_membership":{"version":0,"block":{"attributes":{"group":{"type":"string","description_kind":"plain","required":true},"id":{"type":"string","description_kind":"plain","optional":true,"computed":true},"name":{"type":"string","description_kind":"plain","required":true},"users":{"type":["set","string"],"description_kind":"plain","required":true}},"description_kind":"plain"}},"osc_iam_group_policy":{"version":0,"block":{"attributes":{"group":{"type":"string","description_kind":"plain","required":true},"id":{"type":"string","description_kind":"plain","optional":true,"computed":true},"name":{"type":"string","description_kind":"plain","required":true},"policy":{"type":"string","description_kind":"plain","required":true}},"description_kind":"plain"}},"osc_iam_group_policy_attachment":{"version":0,"block":{"attributes":{"group":{"type":"string","description_kind":"plain","required":true},"id":{"type":"string","description_kind":"plain","optional":true,"computed":true},"policy_arn":{"type":"string","description_kind":"plain","required":true}},"description_kind":"plain"}},"osc_iam_instance_profile":{"version":0,"block":{"attributes":{"arn":{"type":"string","description_kind":"plain","computed":true},"create_date":{"type":"string","description_kind":"plain","computed":true},"id":{"type":"string","description_kind":"plain","optional":true,"computed":true},"name":{"type":"string","description_kind":"plain","optional":true,"computed":true},"name_prefix":{"type":"string","description_kind":"plain","optional":true},"path":{"type":"string","description_kind":"plain","optional":true},"roles":{"type":["set","string"],"description_kind":"plain","required":true},"unique_id":{"type":"string","description_kind":"plain","computed":true}},"description_kind":"plain"}},"osc_iam_policy":{"version":0,"block":{"attributes":{"arn":{"type":"string","description_kind":"plain","computed":true},"description":{"type":"string","description_kind":"plain","optional":true},"id":{"type":"string","description_kind":"plain","optional":true,"computed":true},"name":{"type":"string","description_kind":"plain","optional":true,"computed":true},"name_prefix":{"type":"string","description_kind":"plain","optional":true},"path":{"type":"string","description_kind":"plain","optional":true},"policy":{"type":"string","description_kind":"plain","required":true}},"description_kind":"plain"}},"osc_iam_policy_attachment":{"version":0,"block":{"attributes":{"groups":{"type":["set","string"],"description_kind":"plain","optional":true},"id":{"type":"string","description_kind":"plain","optional":true,"computed":true},"name":{"type":"string","description_kind":"plain","required":true},"policy_arn":{"type":"string","description_kind":"plain","required":true},"roles":{"type":["set","string"],"description_kind":"plain","optional":true},"users":{"type":["set","string"],"description_kind":"plain","optional":true}},"description_kind":"plain"}},"osc_iam_role":{"version":0,"block":{"attributes":{"arn":{"type":"string","description_kind":"plain","computed":true},"assume_role_policy":{"type":"string","description_kind":"plain","required":true},"create_date":{"type":"string","description_kind":"plain","computed":true},"id":{"type":"string","description_kind":"plain","optional":true,"computed":true},"name":{"type":"string","description_kind":"plain","optional":true,"computed":true},"name_prefix":{"type":"string","description_kind":"plain","optional":true},"path":{"type":"string","description_kind":"plain","optional":true},"unique_id":{"type":"string","description_kind":"plain","computed":true}},"description_kind":"plain"}},"osc_iam_role_policy":{"version":0,"block":{"attributes":{"id":{"type":"string","description_kind":"plain","optional":true,"computed":true},"name":{"type":"string","description_kind":"plain","required":true},"policy":{"type":"string","description_kind":"plain","required":true},"role":{"type":"string","description_kind":"plain","required":true}},"description_kind":"plain"}},"osc_iam_role_policy_attachment":{"version":0,"block":{"attributes":{"id":{"type":"string","description_kind":"plain","optional":true,"computed":true},"policy_arn":{"type":"string","description_kind":"plain","required":true},"role":{"type":"string","description_kind":"plain","required":true}},"description_kind":"plain"}},"osc_iam_saml_provider":{"version":0,"block":{"attributes":{"arn":{"type":"string","description_kind":"plain","computed":true},"id":{"type":"string","description_kind":"plain","optional":true,"computed":true},"name":{"type":"string","description_kind":"plain","required":true},"saml_metadata_document":{"type":"string","description_kind":"plain","required":true},"valid_until":{"type":"string","description_kind":"plain","computed":true}},"description_kind":"plain"}},"osc_iam_server_certificate":{"version":0,"block":{"attributes":{"arn":{"type":"string","description_kind":"plain","optional":true,"computed":true},"certificate_body":{"type":"string","description_kind":"plain","required":true},"certificate_chain":{"type":"string","description_kind":"plain","optional":true},"id":{"type":"string","description_kind":"plain","optional":true,"computed":true},"name":{"type":"string","description_kind":"plain","optional":true,"computed":true},"name_prefix":{"type":"string","description_kind":"plain","optional":true},"path":{"type":"string","description_kind":"plain","optional":true},"private_key":{"type":"string","description_kind":"plain","required":true}},"description_kind":"plain"}},"osc_iam_user":{"version":0,"block":{"attributes":{"arn":{"type":"string","description_kind":"plain","computed":true},"force_destroy":{"type":"bool","description":"Delete user even if it has non-Terraform-managed IAM access keys, login profile or MFA devices","description_kind":"plain","optional":true},"id":{"type":"string","description_kind":"plain","optional":true,"computed":true},"name":{"type":"string","description_kind":"plain","required":true},"path":{"type":"string","description_kind":"plain","optional":true},"unique_id":{"type":"string","description_kind":"plain","computed":true}},"description_kind":"plain"}},"osc_iam_user_login_profile":{"version":0,"block":{"attributes":{"encrypted_password":{"type":"string","description_kind":"plain","computed":true},"id":{"type":"string","description_kind":"plain","optional":true,"computed":true},"key_fingerprint":{"type":"string","description_kind":"plain","computed":true},"password_length":{"type":"number","description_kind":"plain","optional":true},"password_reset_required":{"type":"bool","description_kind":"plain","optional":true},"pgp_key":{"type":"string","description_kind":"plain","required":true},"user":{"type":"string","description_kind":"plain","required":true}},"description_kind":"plain"}},"osc_iam_user_policy":{"version":0,"block":{"attributes":{"id":{"type":"string","description_kind":"plain","optional":true,"computed":true},"name":{"type":"string","description_kind":"plain","required":true},"policy":{"type":"string","description_kind":"plain","required":true},"user":{"type":"string","description_kind":"plain","required":true}},"description_kind":"plain"}},"osc_iam_user_policy_attachment":{"version":0,"block":{"attributes":{"id":{"type":"string","description_kind":"plain","optional":true,"computed":true},"policy_arn":{"type":"string","description_kind":"plain","required":true},"user":{"type":"string","description_kind":"plain","required":true}},"description_kind":"plain"}},"osc_iam_user_ssh_key":{"version":0,"block":{"attributes":{"encoding":{"type":"string","description_kind":"plain","required":true},"fingerprint":{"type":"string","description_kind":"plain","computed":true},"id":{"type":"string","description_kind":"plain","optional":true,"computed":true},"public_key":{"type":"string","description_kind":"plain","required":true},"ssh_public_key_id":{"type":"string","description_kind":"plain","computed":true},"status":{"type":"string","description_kind":"plain","optional":true,"computed":true},"username":{"type":"string","description_kind":"plain","required":true}},"description_kind":"plain"}},"osc_instance":{"version":1,"block":{"attributes":{"ami":{"type":"string","description_kind":"plain","required":true},"associate_public_ip_address":{"type":"bool","description_kind":"plain","optional":true,"computed":true},"availability_zone":{"type":"string","description_kind":"plain","optional":true,"computed":true},"block_device":{"type":["map","string"],"description_kind":"plain","optional":true},"disable_api_termination":{"type":"bool","description_kind":"plain","optional":true},"ebs_optimized":{"type":"bool","description_kind":"plain","optional":true},"iam_instance_profile":{"type":"string","description_kind":"plain","optional":true},"id":{"type":"string","description_kind":"plain","optional":true,"computed":true},"instance_initiated_shutdown_behavior":{"type":"string","description_kind":"plain","optional":true},"instance_state":{"type":"string","description_kind":"plain","computed":true},"instance_type":{"type":"string","description_kind":"plain","required":true},"key_name":{"type":"string","description_kind":"plain","optional":true,"computed":true},"monitoring":{"type":"bool","description_kind":"plain","optional":true},"network_interface_id":{"type":"string","description_kind":"plain","computed":true},"placement_group":{"type":"string","description_kind":"plain","optional":true,"computed":true},"private_dns":{"type":"string","description_kind":"plain","computed":true},"private_ip":{"type":"string","description_kind":"plain","optional":true,"computed":true},"public_dns":{"type":"string","description_kind":"plain","computed":true},"public_ip":{"type":"string","description_kind":"plain","computed":true},"security_groups":{"type":["set","string"],"description_kind":"plain","optional":true,"computed":true},"source_dest_check":{"type":"bool","description_kind":"plain","optional":true},"subnet_id":{"type":"string","description_kind":"plain","optional":true,"computed":true},"tags":{"type":["map","string"],"description_kind":"plain","optional":true},"tenancy":{"type":"string","description_kind":"plain","optional":true,"computed":true},"user_data":{"type":"string","description_kind":"plain","optional":true},"vpc_security_group_ids":{"type":["set","string"],"description_kind":"plain","optional":true,"computed":true}},"block_types":{"ebs_block_device":{"nesting_mode":"set","block":{"attributes":{"delete_on_termination":{"type":"bool","description_kind":"plain","optional":true},"device_name":{"type":"string","description_kind":"plain","required":true},"encrypted":{"type":"bool","description_kind":"plain","optional":true,"computed":true},"iops":{"type":"number","description_kind":"plain","optional":true,"computed":true},"snapshot_id":{"type":"string","description_kind":"plain","optional":true,"computed":true},"volume_size":{"type":"number","description_kind":"plain","optional":true,"computed":true},"volume_type":{"type":"string","description_kind":"plain","optional":true,"computed":true}},"description_kind":"plain"}},"ephemeral_block_device":{"nesting_mode":"set","block":{"attributes":{"device_name":{"type":"string","description_kind":"plain","required":true},"no_device":{"type":"bool","description_kind":"plain","optional":true},"virtual_name":{"type":"string","description_kind":"plain","optional":true}},"description_kind":"plain"}},"root_block_device":{"nesting_mode":"list","block":{"attributes":{"delete_on_termination":{"type":"bool","description_kind":"plain","optional":true},"iops":{"type":"number","description_kind":"plain","optional":true,"computed":true},"volume_size":{"type":"number","description_kind":"plain","optional":true,"computed":true},"volume_type":{"type":"string","description_kind":"plain","optional":true,"computed":true}},"description_kind":"plain"},"max_items":1},"timeouts":{"nesting_mode":"single","block":{"attributes":{"create":{"type":"string","description_kind":"plain","optional":true},"delete":{"type":"string","description_kind":"plain","optional":true},"update":{"type":"string","description_kind":"plain","optional":true}},"description_kind":"plain"}}},"description_kind":"plain"}},"osc_internet_gateway":{"version":0,"block":{"attributes":{"id":{"type":"string","description_kind":"plain","optional":true,"computed":true},"tags":{"type":["map","string"],"description_kind":"plain","optional":true},"vpc_id":{"type":"string","description_kind":"plain","optional":true}},"description_kind":"plain"}},"osc_key_pair":{"version":1,"block":{"attributes":{"fingerprint":{"type":"string","description_kind":"plain","computed":true},"id":{"type":"string","description_kind":"plain","optional":true,"computed":true},"key_name":{"type":"string","description_kind":"plain","optional":true,"computed":true},"key_name_prefix":{"type":"string","description_kind":"plain","optional":true},"public_key":{"type":"string","description_kind":"plain","required":true}},"description_kind":"plain"}},"osc_lb_cookie_stickiness_policy":{"version":0,"block":{"attributes":{"cookie_expiration_period":{"type":"number","description_kind":"plain","optional":true},"id":{"type":"string","description_kind":"plain","optional":true,"computed":true},"lb_port":{"type":"number","description_kind":"plain","required":true},"load_balancer":{"type":"string","description_kind":"plain","required":true},"name":{"type":"string","description_kind":"plain","required":true}},"description_kind":"plain"}},"osc_lb_ssl_negotiation_policy":{"version":0,"block":{"attributes":{"id":{"type":"string","description_kind":"plain","optional":true,"computed":true},"lb_port":{"type":"number","description_kind":"plain","required":true},"load_balancer":{"type":"string","description_kind":"plain","required":true},"name":{"type":"string","description_kind":"plain","required":true}},"block_types":{"attribute":{"nesting_mode":"set","block":{"attributes":{"name":{"type":"string","description_kind":"plain","required":true},"value":{"type":"string","description_kind":"plain","required":true}},"description_kind":"plain"}}},"description_kind":"plain"}},"osc_load_balancer_backend_server_policy":{"version":0,"block":{"attributes":{"id":{"type":"string","description_kind":"plain","optional":true,"computed":true},"instance_port":{"type":"number","description_kind":"plain","required":true},"load_balancer_name":{"type":"string","description_kind":"plain","required":true},"policy_names":{"type":["set","string"],"description_kind":"plain","optional":true}},"description_kind":"plain"}},"osc_load_balancer_listener_policy":{"version":0,"block":{"attributes":{"id":{"type":"string","description_kind":"plain","optional":true,"computed":true},"load_balancer_name":{"type":"string","description_kind":"plain","required":true},"load_balancer_port":{"type":"number","description_kind":"plain","required":true},"policy_names":{"type":["set","string"],"description_kind":"plain","optional":true}},"description_kind":"plain"}},"osc_load_balancer_policy":{"version":0,"block":{"attributes":{"id":{"type":"string","description_kind":"plain","optional":true,"computed":true},"load_balancer_name":{"type":"string","description_kind":"plain","required":true},"policy_name":{"type":"string","description_kind":"plain","required":true},"policy_type_name":{"type":"string","description_kind":"plain","required":true}},"block_types":{"policy_attribute":{"nesting_mode":"set","block":{"attributes":{"name":{"type":"string","description_kind":"plain","optional":true},"value":{"type":"string","description_kind":"plain","optional":true}},"description_kind":"plain"}}},"description_kind":"plain"}},"osc_main_route_table_association":{"version":0,"block":{"attributes":{"id":{"type":"string","description_kind":"plain","optional":true,"computed":true},"original_route_table_id":{"type":"string","description_kind":"plain","computed":true},"route_table_id":{"type":"string","description_kind":"plain","required":true},"vpc_id":{"type":"string","description_kind":"plain","required":true}},"description_kind":"plain"}},"osc_nat_gateway":{"version":0,"block":{"attributes":{"allocation_id":{"type":"string","description_kind":"plain","required":true},"id":{"type":"string","description_kind":"plain","optional":true,"computed":true},"network_interface_id":{"type":"string","description_kind":"plain","optional":true,"computed":true},"private_ip":{"type":"string","description_kind":"plain","optional":true,"computed":true},"public_ip":{"type":"string","description_kind":"plain","optional":true,"computed":true},"subnet_id":{"type":"string","description_kind":"plain","required":true}},"description_kind":"plain"}},"osc_network_acl":{"version":0,"block":{"attributes":{"id":{"type":"string","description_kind":"plain","optional":true,"computed":true},"subnet_id":{"type":"string","description_kind":"plain","optional":true},"subnet_ids":{"type":["set","string"],"description_kind":"plain","optional":true,"computed":true},"tags":{"type":["map","string"],"description_kind":"plain","optional":true},"vpc_id":{"type":"string","description_kind":"plain","required":true}},"block_types":{"egress":{"nesting_mode":"set","block":{"attributes":{"action":{"type":"string","description_kind":"plain","required":true},"cidr_block":{"type":"string","description_kind":"plain","optional":true},"from_port":{"type":"number","description_kind":"plain","required":true},"icmp_code":{"type":"number","description_kind":"plain","optional":true},"icmp_type":{"type":"number","description_kind":"plain","optional":true},"protocol":{"type":"string","description_kind":"plain","required":true},"rule_no":{"type":"number","description_kind":"plain","required":true},"to_port":{"type":"number","description_kind":"plain","required":true}},"description_kind":"plain"}},"ingress":{"nesting_mode":"set","block":{"attributes":{"action":{"type":"string","description_kind":"plain","required":true},"cidr_block":{"type":"string","description_kind":"plain","optional":true},"from_port":{"type":"number","description_kind":"plain","required":true},"icmp_code":{"type":"number","description_kind":"plain","optional":true},"icmp_type":{"type":"number","description_kind":"plain","optional":true},"protocol":{"type":"string","description_kind":"plain","required":true},"rule_no":{"type":"number","description_kind":"plain","required":true},"to_port":{"type":"number","description_kind":"plain","required":true}},"description_kind":"plain"}}},"description_kind":"plain"}},"osc_network_acl_rule":{"version":0,"block":{"attributes":{"cidr_block":{"type":"string","description_kind":"plain","required":true},"egress":{"type":"bool","description_kind":"plain","optional":true},"from_port":{"type":"number","description_kind":"plain","optional":true},"icmp_code":{"type":"string","description_kind":"plain","optional":true},"icmp_type":{"type":"string","description_kind":"plain","optional":true},"id":{"type":"string","description_kind":"plain","optional":true,"computed":true},"network_acl_id":{"type":"string","description_kind":"plain","required":true},"protocol":{"type":"string","description_kind":"plain","required":true},"rule_action":{"type":"string","description_kind":"plain","required":true},"rule_number":{"type":"number","description_kind":"plain","required":true},"to_port":{"type":"number","description_kind":"plain","optional":true}},"description_kind":"plain"}},"osc_network_interface":{"version":0,"block":{"attributes":{"description":{"type":"string","description_kind":"plain","optional":true},"id":{"type":"string","description_kind":"plain","optional":true,"computed":true},"private_ip":{"type":"string","description_kind":"plain","optional":true,"computed":true},"private_ips":{"type":["set","string"],"description_kind":"plain","optional":true,"computed":true},"security_groups":{"type":["set","string"],"description_kind":"plain","optional":true,"computed":true},"subnet_id":{"type":"string","description_kind":"plain","required":true},"tags":{"type":["map","string"],"description_kind":"plain","optional":true}},"block_types":{"attachment":{"nesting_mode":"set","block":{"attributes":{"attachment_id":{"type":"string","description_kind":"plain","computed":true},"device_index":{"type":"number","description_kind":"plain","required":true},"instance":{"type":"string","description_kind":"plain","required":true}},"description_kind":"plain"}}},"description_kind":"plain"}},"osc_placement_group":{"version":0,"block":{"attributes":{"id":{"type":"string","description_kind":"plain","optional":true,"computed":true},"name":{"type":"string","description_kind":"plain","required":true},"strategy":{"type":"string","description_kind":"plain","required":true}},"description_kind":"plain"}},"osc_proxy_protocol_policy":{"version":0,"block":{"attributes":{"id":{"type":"string","description_kind":"plain","optional":true,"computed":true},"instance_ports":{"type":["set","string"],"description_kind":"plain","required":true},"load_balancer":{"type":"string","description_kind":"plain","required":true}},"description_kind":"plain"}},"osc_route":{"version":0,"block":{"attributes":{"destination_cidr_block":{"type":"string","description_kind":"plain","required":true},"destination_prefix_list_id":{"type":"string","description_kind":"plain","computed":true},"gateway_id":{"type":"string","description_kind":"plain","optional":true,"computed":true},"id":{"type":"string","description_kind":"plain","optional":true,"computed":true},"instance_id":{"type":"string","description_kind":"plain","optional":true,"computed":true},"instance_owner_id":{"type":"string","description_kind":"plain","computed":true},"nat_gateway_id":{"type":"string","description_kind":"plain","optional":true,"computed":true},"network_interface_id":{"type":"string","description_kind":"plain","optional":true,"computed":true},"origin":{"type":"string","description_kind":"plain","computed":true},"route_table_id":{"type":"string","description_kind":"plain","required":true},"state":{"type":"string","description_kind":"plain","computed":true},"vpc_peering_connection_id":{"type":"string","description_kind":"plain","optional":true}},"description_kind":"plain"}},"osc_route_table":{"version":0,"block":{"attributes":{"id":{"type":"string","description_kind":"plain","optional":true,"computed":true},"propagating_vgws":{"type":["set","string"],"description_kind":"plain","optional":true},"tags":{"type":["map","string"],"description_kind":"plain","optional":true},"vpc_id":{"type":"string","description_kind":"plain","required":true}},"block_types":{"route":{"nesting_mode":"set","block":{"attributes":{"cidr_block":{"type":"string","description_kind":"plain","required":true},"gateway_id":{"type":"string","description_kind":"plain","optional":true},"instance_id":{"type":"string","description_kind":"plain","optional":true},"nat_gateway_id":{"type":"string","description_kind":"plain","optional":true},"network_interface_id":{"type":"string","description_kind":"plain","optional":true},"vpc_peering_connection_id":{"type":"string","description_kind":"plain","optional":true}},"description_kind":"plain"}}},"description_kind":"plain"}},"osc_route_table_association":{"version":0,"block":{"attributes":{"id":{"type":"string","description_kind":"plain","optional":true,"computed":true},"route_table_id":{"type":"string","description_kind":"plain","required":true},"subnet_id":{"type":"string","description_kind":"plain","required":true}},"description_kind":"plain"}},"osc_s3_bucket":{"version":0,"block":{"attributes":{"acceleration_status":{"type":"string","description_kind":"plain","optional":true,"computed":true},"acl":{"type":"string","description_kind":"plain","optional":true},"arn":{"type":"string","description_kind":"plain","optional":true,"computed":true},"bucket":{"type":"string","description_kind":"plain","required":true},"bucket_domain_name":{"type":"string","description_kind":"plain","computed":true},"force_destroy":{"type":"bool","description_kind":"plain","optional":true},"hosted_zone_id":{"type":"string","description_kind":"plain","optional":true,"computed":true},"id":{"type":"string","description_kind":"plain","optional":true,"computed":true},"policy":{"type":"string","description_kind":"plain","optional":true},"region":{"type":"string","description_kind":"plain","optional":true,"computed":true},"request_payer":{"type":"string","description_kind":"plain","optional":true,"computed":true},"tags":{"type":["map","string"],"description_kind":"plain","optional":true},"website_domain":{"type":"string","description_kind":"plain","optional":true,"computed":true},"website_endpoint":{"type":"string","description_kind":"plain","optional":true,"computed":true}},"block_types":{"cors_rule":{"nesting_mode":"list","block":{"attributes":{"allowed_headers":{"type":["list","string"],"description_kind":"plain","optional":true},"allowed_methods":{"type":["list","string"],"description_kind":"plain","required":true},"allowed_origins":{"type":["list","string"],"description_kind":"plain","required":true},"expose_headers":{"type":["list","string"],"description_kind":"plain","optional":true},"max_age_seconds":{"type":"number","description_kind":"plain","optional":true}},"description_kind":"plain"}},"lifecycle_rule":{"nesting_mode":"list","block":{"attributes":{"abort_incomplete_multipart_upload_days":{"type":"number","description_kind":"plain","optional":true},"enabled":{"type":"bool","description_kind":"plain","required":true},"id":{"type":"string","description_kind":"plain","optional":true,"computed":true},"prefix":{"type":"string","description_kind":"plain","required":true}},"block_types":{"expiration":{"nesting_mode":"set","block":{"attributes":{"date":{"type":"string","description_kind":"plain","optional":true},"days":{"type":"number","description_kind":"plain","optional":true},"expired_object_delete_marker":{"type":"bool","description_kind":"plain","optional":true}},"description_kind":"plain"}},"noncurrent_version_expiration":{"nesting_mode":"set","block":{"attributes":{"days":{"type":"number","description_kind":"plain","optional":true}},"description_kind":"plain"}},"noncurrent_version_transition":{"nesting_mode":"set","block":{"attributes":{"days":{"type":"number","description_kind":"plain","optional":true},"storage_class":{"type":"string","description_kind":"plain","required":true}},"description_kind":"plain"}},"transition":{"nesting_mode":"set","block":{"attributes":{"date":{"type":"string","description_kind":"plain","optional":true},"days":{"type":"number","description_kind":"plain","optional":true},"storage_class":{"type":"string","description_kind":"plain","required":true}},"description_kind":"plain"}}},"description_kind":"plain"}},"logging":{"nesting_mode":"set","block":{"attributes":{"target_bucket":{"type":"string","description_kind":"plain","required":true},"target_prefix":{"type":"string","description_kind":"plain","optional":true}},"description_kind":"plain"}},"versioning":{"nesting_mode":"list","block":{"attributes":{"enabled":{"type":"bool","description_kind":"plain","optional":true},"mfa_delete":{"type":"bool","description_kind":"plain","optional":true}},"description_kind":"plain"},"max_items":1},"website":{"nesting_mode":"list","block":{"attributes":{"error_document":{"type":"string","description_kind":"plain","optional":true},"index_document":{"type":"string","description_kind":"plain","optional":true},"redirect_all_requests_to":{"type":"string","description_kind":"plain","optional":true},"routing_rules":{"type":"string","description_kind":"plain","optional":true}},"description_kind":"plain"}}},"description_kind":"plain"}},"osc_s3_bucket_notification":{"version":0,"block":{"attributes":{"bucket":{"type":"string","description_kind":"plain","required":true},"id":{"type":"string","description_kind":"plain","optional":true,"computed":true}},"block_types":{"lambda_function":{"nesting_mode":"list","block":{"attributes":{"events":{"type":["set","string"],"description_kind":"plain","required":true},"filter_prefix":{"type":"string","description_kind":"plain","optional":true},"filter_suffix":{"type":"string","description_kind":"plain","optional":true},"id":{"type":"string","description_kind":"plain","optional":true,"computed":true},"lambda_function_arn":{"type":"string","description_kind":"plain","optional":true}},"description_kind":"plain"}},"queue":{"nesting_mode":"list","block":{"attributes":{"events":{"type":["set","string"],"description_kind":"plain","required":true},"filter_prefix":{"type":"string","description_kind":"plain","optional":true},"filter_suffix":{"type":"string","description_kind":"plain","optional":true},"id":{"type":"string","description_kind":"plain","optional":true,"computed":true},"queue_arn":{"type":"string","description_kind":"plain","required":true}},"description_kind":"plain"}},"topic":{"nesting_mode":"list","block":{"attributes":{"events":{"type":["set","string"],"description_kind":"plain","required":true},"filter_prefix":{"type":"string","description_kind":"plain","optional":true},"filter_suffix":{"type":"string","description_kind":"plain","optional":true},"id":{"type":"string","description_kind":"plain","optional":true,"computed":true},"topic_arn":{"type":"string","description_kind":"plain","required":true}},"description_kind":"plain"}}},"description_kind":"plain"}},"osc_s3_bucket_object":{"version":0,"block":{"attributes":{"acl":{"type":"string","description_kind":"plain","optional":true},"bucket":{"type":"string","description_kind":"plain","required":true},"cache_control":{"type":"string","description_kind":"plain","optional":true},"content":{"type":"string","description_kind":"plain","optional":true},"content_disposition":{"type":"string","description_kind":"plain","optional":true},"content_encoding":{"type":"string","description_kind":"plain","optional":true},"content_language":{"type":"string","description_kind":"plain","optional":true},"content_type":{"type":"string","description_kind":"plain","optional":true,"computed":true},"etag":{"type":"string","description_kind":"plain","optional":true,"computed":true},"id":{"type":"string","description_kind":"plain","optional":true,"computed":true},"key":{"type":"string","description_kind":"plain","required":true},"server_side_encryption":{"type":"string","description_kind":"plain","optional":true,"computed":true},"source":{"type":"string","description_kind":"plain","optional":true},"storage_class":{"type":"string","description_kind":"plain","optional":true,"computed":true},"version_id":{"type":"string","description_kind":"plain","computed":true}},"description_kind":"plain"}},"osc_s3_bucket_policy":{"version":0,"block":{"attributes":{"bucket":{"type":"string","description_kind":"plain","required":true},"id":{"type":"string","description_kind":"plain","optional":true,"computed":true},"policy":{"type":"string","description_kind":"plain","required":true}},"description_kind":"plain"}},"osc_security_group":{"version":0,"block":{"attributes":{"description":{"type":"string","description_kind":"plain","optional":true},"id":{"type":"string","description_kind":"plain","optional":true,"computed":true},"name":{"type":"string","description_kind":"plain","optional":true,"computed":true},"name_prefix":{"type":"string","description_kind":"plain","optional":true},"owner_id":{"type":"string","description_kind":"plain","computed":true},"tags":{"type":["map","string"],"description_kind":"plain","optional":true},"vpc_id":{"type":"string","description_kind":"plain","optional":true,"computed":true}},"block_types":{"egress":{"nesting_mode":"set","block":{"attributes":{"cidr_blocks":{"type":["list","string"],"description_kind":"plain","optional":true},"from_port":{"type":"number","description_kind":"plain","required":true},"prefix_list_ids":{"type":["list","string"],"description_kind":"plain","optional":true},"protocol":{"type":"string","description_kind":"plain","required":true},"security_groups":{"type":["set","string"],"description_kind":"plain","optional":true},"self":{"type":"bool","description_kind":"plain","optional":true},"to_port":{"type":"number","description_kind":"plain","required":true}},"description_kind":"plain"}},"ingress":{"nesting_mode":"set","block":{"attributes":{"cidr_blocks":{"type":["list","string"],"description_kind":"plain","optional":true},"from_port":{"type":"number","description_kind":"plain","required":true},"protocol":{"type":"string","description_kind":"plain","required":true},"security_groups":{"type":["set","string"],"description_kind":"plain","optional":true},"self":{"type":"bool","description_kind":"plain","optional":true},"to_port":{"type":"number","description_kind":"plain","required":true}},"description_kind":"plain"}}},"description_kind":"plain"}},"osc_security_group_rule":{"version":2,"block":{"attributes":{"cidr_blocks":{"type":["list","string"],"description_kind":"plain","optional":true},"from_port":{"type":"number","description_kind":"plain","required":true},"id":{"type":"string","description_kind":"plain","optional":true,"computed":true},"prefix_list_ids":{"type":["list","string"],"description_kind":"plain","optional":true},"protocol":{"type":"string","description_kind":"plain","required":true},"security_group_id":{"type":"string","description_kind":"plain","required":true},"self":{"type":"bool","description_kind":"plain","optional":true},"source_security_group_id":{"type":"string","description_kind":"plain","optional":true,"computed":true},"to_port":{"type":"number","description_kind":"plain","required":true},"type":{"type":"string","description":"Type of rule, ingress (inbound) or egress (outbound).","description_kind":"plain","required":true}},"description_kind":"plain"}},"osc_snapshot_create_volume_permission":{"version":0,"block":{"attributes":{"account_id":{"type":"string","description_kind":"plain","required":true},"id":{"type":"string","description_kind":"plain","optional":true,"computed":true},"snapshot_id":{"type":"string","description_kind":"plain","required":true}},"description_kind":"plain"}},"osc_subnet":{"version":0,"block":{"attributes":{"availability_zone":{"type":"string","description_kind":"plain","optional":true,"computed":true},"cidr_block":{"type":"string","description_kind":"plain","required":true},"id":{"type":"string","description_kind":"plain","optional":true,"computed":true},"map_public_ip_on_launch":{"type":"bool","description_kind":"plain","optional":true},"tags":{"type":["map","string"],"description_kind":"plain","optional":true},"vpc_id":{"type":"string","description_kind":"plain","required":true}},"description_kind":"plain"}},"osc_volume_attachment":{"version":0,"block":{"attributes":{"device_name":{"type":"string","description_kind":"plain","required":true},"force_detach":{"type":"bool","description_kind":"plain","optional":true,"computed":true},"id":{"type":"string","description_kind":"plain","optional":true,"computed":true},"instance_id":{"type":"string","description_kind":"plain","required":true},"skip_destroy":{"type":"bool","description_kind":"plain","optional":true,"computed":true},"volume_id":{"type":"string","description_kind":"plain","required":true}},"description_kind":"plain"}},"osc_vpc":{"version":0,"block":{"attributes":{"cidr_block":{"type":"string","description_kind":"plain","required":true},"default_network_acl_id":{"type":"string","description_kind":"plain","computed":true},"default_route_table_id":{"type":"string","description_kind":"plain","computed":true},"default_security_group_id":{"type":"string","description_kind":"plain","computed":true},"dhcp_options_id":{"type":"string","description_kind":"plain","computed":true},"enable_dns_hostnames":{"type":"bool","description_kind":"plain","optional":true,"computed":true},"enable_dns_support":{"type":"bool","description_kind":"plain","optional":true},"id":{"type":"string","description_kind":"plain","optional":true,"computed":true},"instance_tenancy":{"type":"string","description_kind":"plain","optional":true,"computed":true},"main_route_table_id":{"type":"string","description_kind":"plain","computed":true},"tags":{"type":["map","string"],"description_kind":"plain","optional":true}},"description_kind":"plain"}},"osc_vpc_dhcp_options":{"version":0,"block":{"attributes":{"domain_name":{"type":"string","description_kind":"plain","optional":true},"domain_name_servers":{"type":["list","string"],"description_kind":"plain","optional":true},"id":{"type":"string","description_kind":"plain","optional":true,"computed":true},"netbios_name_servers":{"type":["list","string"],"description_kind":"plain","optional":true},"netbios_node_type":{"type":"string","description_kind":"plain","optional":true},"ntp_servers":{"type":["list","string"],"description_kind":"plain","optional":true},"tags":{"type":["map","string"],"description_kind":"plain","optional":true}},"description_kind":"plain"}},"osc_vpc_dhcp_options_association":{"version":0,"block":{"attributes":{"dhcp_options_id":{"type":"string","description_kind":"plain","required":true},"id":{"type":"string","description_kind":"plain","optional":true,"computed":true},"vpc_id":{"type":"string","description_kind":"plain","required":true}},"description_kind":"plain"}},"osc_vpc_endpoint":{"version":0,"block":{"attributes":{"cidr_blocks":{"type":["list","string"],"description_kind":"plain","computed":true},"id":{"type":"string","description_kind":"plain","optional":true,"computed":true},"policy":{"type":"string","description_kind":"plain","optional":true,"computed":true},"prefix_list_id":{"type":"string","description_kind":"plain","computed":true},"route_table_ids":{"type":["set","string"],"description_kind":"plain","optional":true,"computed":true},"service_name":{"type":"string","description_kind":"plain","required":true},"vpc_id":{"type":"string","description_kind":"plain","required":true}},"description_kind":"plain"}},"osc_vpc_endpoint_route_table_association":{"version":0,"block":{"attributes":{"id":{"type":"string","description_kind":"plain","optional":true,"computed":true},"route_table_id":{"type":"string","description_kind":"plain","required":true},"vpc_endpoint_id":{"type":"string","description_kind":"plain","required":true}},"description_kind":"plain"}},"osc_vpc_peering_connection":{"version":0,"block":{"attributes":{"accept_status":{"type":"string","description_kind":"plain","computed":true},"auto_accept":{"type":"bool","description_kind":"plain","optional":true},"id":{"type":"string","description_kind":"plain","optional":true,"computed":true},"peer_owner_id":{"type":"string","description_kind":"plain","optional":true,"computed":true},"peer_vpc_id":{"type":"string","description_kind":"plain","required":true},"tags":{"type":["map","string"],"description_kind":"plain","optional":true},"vpc_id":{"type":"string","description_kind":"plain","required":true}},"block_types":{"accepter":{"nesting_mode":"set","block":{"attributes":{"allow_classic_link_to_remote_vpc":{"type":"bool","description_kind":"plain","optional":true},"allow_remote_vpc_dns_resolution":{"type":"bool","description_kind":"plain","optional":true},"allow_vpc_to_remote_classic_link":{"type":"bool","description_kind":"plain","optional":true}},"description_kind":"plain"},"max_items":1},"requester":{"nesting_mode":"set","block":{"attributes":{"allow_classic_link_to_remote_vpc":{"type":"bool","description_kind":"plain","optional":true},"allow_remote_vpc_dns_resolution":{"type":"bool","description_kind":"plain","optional":true},"allow_vpc_to_remote_classic_link":{"type":"bool","description_kind":"plain","optional":true}},"description_kind":"plain"},"max_items":1}},"description_kind":"plain"}},"osc_vpc_peering_connection_accepter":{"version":0,"block":{"attributes":{"accept_status":{"type":"string","description_kind":"plain","computed":true},"auto_accept":{"type":"bool","description_kind":"plain","optional":true},"id":{"type":"string","description_kind":"plain","optional":true,"computed":true},"peer_owner_id":{"type":"string","description_kind":"plain","computed":true},"peer_vpc_id":{"type":"string","description_kind":"plain","computed":true},"tags":{"type":["map","string"],"description_kind":"plain","optional":true},"vpc_id":{"type":"string","description_kind":"plain","computed":true},"vpc_peering_connection_id":{"type":"string","description_kind":"plain","required":true}},"block_types":{"accepter":{"nesting_mode":"set","block":{"attributes":{"allow_classic_link_to_remote_vpc":{"type":"bool","description_kind":"plain","optional":true},"allow_remote_vpc_dns_resolution":{"type":"bool","description_kind":"plain","optional":true},"allow_vpc_to_remote_classic_link":{"type":"bool","description_kind":"plain","optional":true}},"description_kind":"plain"},"max_items":1},"requester":{"nesting_mode":"set","block":{"attributes":{"allow_classic_link_to_remote_vpc":{"type":"bool","description_kind":"plain","optional":true},"allow_remote_vpc_dns_resolution":{"type":"bool","description_kind":"plain","optional":true},"allow_vpc_to_remote_classic_link":{"type":"bool","description_kind":"plain","optional":true}},"description_kind":"plain"},"max_items":1}},"description_kind":"plain"}},"osc_vpn_connection":{"version":0,"block":{"attributes":{"customer_gateway_configuration":{"type":"string","description_kind":"plain","optional":true,"computed":true},"customer_gateway_id":{"type":"string","description_kind":"plain","required":true},"id":{"type":"string","description_kind":"plain","optional":true,"computed":true},"static_routes_only":{"type":"bool","description_kind":"plain","optional":true,"computed":true},"tags":{"type":["map","string"],"description_kind":"plain","optional":true},"tunnel1_address":{"type":"string","description_kind":"plain","computed":true},"tunnel1_preshared_key":{"type":"string","description_kind":"plain","computed":true},"tunnel2_address":{"type":"string","description_kind":"plain","computed":true},"tunnel2_preshared_key":{"type":"string","description_kind":"plain","computed":true},"type":{"type":"string","description_kind":"plain","required":true},"vpn_gateway_id":{"type":"string","description_kind":"plain","required":true}},"block_types":{"routes":{"nesting_mode":"set","block":{"attributes":{"destination_cidr_block":{"type":"string","description_kind":"plain","optional":true,"computed":true},"source":{"type":"string","description_kind":"plain","optional":true,"computed":true},"state":{"type":"string","description_kind":"plain","optional":true,"computed":true}},"description_kind":"plain"}},"vgw_telemetry":{"nesting_mode":"set","block":{"attributes":{"accepted_route_count":{"type":"number","description_kind":"plain","optional":true,"computed":true},"last_status_change":{"type":"string","description_kind":"plain","optional":true,"computed":true},"outside_ip_address":{"type":"string","description_kind":"plain","optional":true,"computed":true},"status":{"type":"string","description_kind":"plain","optional":true,"computed":true},"status_message":{"type":"string","description_kind":"plain","optional":true,"computed":true}},"description_kind":"plain"}}},"description_kind":"plain"}},"osc_vpn_connection_route":{"version":0,"block":{"attributes":{"destination_cidr_block":{"type":"string","description_kind":"plain","required":true},"id":{"type":"string","description_kind":"plain","optional":true,"computed":true},"vpn_connection_id":{"type":"string","description_kind":"plain","required":true}},"description_kind":"plain"}},"osc_vpn_gateway":{"version":0,"block":{"attributes":{"availability_zone":{"type":"string","description_kind":"plain","optional":true},"id":{"type":"string","description_kind":"plain","optional":true,"computed":true},"tags":{"type":["map","string"],"description_kind":"plain","optional":true},"vpc_id":{"type":"string","description_kind":"plain","optional":true,"computed":true}},"description_kind":"plain"}},"osc_vpn_gateway_attachment":{"version":0,"block":{"attributes":{"id":{"type":"string","description_kind":"plain","optional":true,"computed":true},"vpc_id":{"type":"string","description_kind":"plain","required":true},"vpn_gateway_id":{"type":"string","description_kind":"plain","required":true}},"description_kind":"plain"}}},"data_source_schemas":{"osc_ami":{"version":0,"block":{"attributes":{"architecture":{"type":"string","description_kind":"plain","computed":true},"block_device_mappings":{"type":["set",["object",{"device_name":"string","ebs":["map","string"],"no_device":"string","virtual_name":"string"}]],"description_kind":"plain","computed":true},"creation_date":{"type":"string","description_kind":"plain","computed":true},"description":{"type":"string","description_kind":"plain","computed":true},"executable_users":{"type":["list","string"],"description_kind":"plain","optional":true},"hypervisor":{"type":"string","description_kind":"plain","computed":true},"id":{"type":"string","description_kind":"plain","optional":true,"computed":true},"image_id":{"type":"string","description_kind":"plain","computed":true},"image_location":{"type":"string","description_kind":"plain","computed":true},"image_owner_alias":{"type":"string","description_kind":"plain","computed":true},"image_type":{"type":"string","description_kind":"plain","computed":true},"kernel_id":{"type":"string","description_kind":"plain","computed":true},"most_recent":{"type":"bool","description_kind":"plain","optional":true},"name":{"type":"string","description_kind":"plain","computed":true},"name_regex":{"type":"string","description_kind":"plain","optional":true},"owner_id":{"type":"string","description_kind":"plain","computed":true},"owners":{"type":["list","string"],"description_kind":"plain","optional":true},"platform":{"type":"string","description_kind":"plain","computed":true},"product_codes":{"type":["set",["object",{"product_code_id":"string","product_code_type":"string"}]],"description_kind":"plain","computed":true},"public":{"type":"bool","description_kind":"plain","computed":true},"ramdisk_id":{"type":"string","description_kind":"plain","computed":true},"root_device_name":{"type":"string","description_kind":"plain","computed":true},"root_device_type":{"type":"string","description_kind":"plain","computed":true},"sriov_net_support":{"type":"string","description_kind":"plain","computed":true},"state":{"type":"string","description_kind":"plain","computed":true},"state_reason":{"type":["map","string"],"description_kind":"plain","computed":true},"tags":{"type":["set",["object",{"key":"string","value":"string"}]],"description_kind":"plain","computed":true},"virtualization_type":{"type":"string","description_kind":"plain","computed":true}},"block_types":{"filter":{"nesting_mode":"set","block":{"attributes":{"name":{"type":"string","description_kind":"plain","required":true},"values":{"type":["list","string"],"description_kind":"plain","required":true}},"description_kind":"plain"}}},"description_kind":"plain"}},"osc_availability_zone":{"version":0,"block":{"attributes":{"id":{"type":"string","description_kind":"plain","optional":true,"computed":true},"name":{"type":"string","description_kind":"plain","optional":true,"computed":true},"name_suffix":{"type":"string","description_kind":"plain","computed":true},"region":{"type":"string","description_kind":"plain","computed":true},"state":{"type":"string","description_kind":"plain","optional":true,"computed":true}},"description_kind":"plain"}},"osc_availability_zones":{"version":0,"block":{"attributes":{"id":{"type":"string","description_kind":"plain","optional":true,"computed":true},"names":{"type":["list","string"],"description_kind":"plain","computed":true},"state":{"type":"string","description_kind":"plain","optional":true}},"description_kind":"plain"}},"osc_billing_service_account":{"version":0,"block":{"attributes":{"arn":{"type":"string","description_kind":"plain","computed":true},"id":{"type":"string","description_kind":"plain","optional":true,"computed":true}},"description_kind":"plain"}},"osc_caller_identity":{"version":0,"block":{"attributes":{"account_id":{"type":"string","description_kind":"plain","computed":true},"id":{"type":"string","description_kind":"plain","optional":true,"computed":true}},"description_kind":"plain"}},"osc_canonical_user_id":{"version":0,"block":{"attributes":{"display_name":{"type":"string","description_kind":"plain","computed":true},"id":{"type":"string","description_kind":"plain","computed":true}},"description_kind":"plain"}},"osc_ebs_snapshot":{"version":0,"block":{"attributes":{"data_encryption_key_id":{"type":"string","description_kind":"plain","computed":true},"description":{"type":"string","description_kind":"plain","computed":true},"encrypted":{"type":"bool","description_kind":"plain","computed":true},"id":{"type":"string","description_kind":"plain","optional":true,"computed":true},"kms_key_id":{"type":"string","description_kind":"plain","computed":true},"most_recent":{"type":"bool","description_kind":"plain","optional":true},"owner_alias":{"type":"string","description_kind":"plain","computed":true},"owner_id":{"type":"string","description_kind":"plain","computed":true},"owners":{"type":["list","string"],"description_kind":"plain","optional":true},"restorable_by_user_ids":{"type":["list","string"],"description_kind":"plain","optional":true},"snapshot_id":{"type":"string","description_kind":"plain","computed":true},"snapshot_ids":{"type":["list","string"],"description_kind":"plain","optional":true},"state":{"type":"string","description_kind":"plain","computed":true},"tags":{"type":["set",["object",{"key":"string","value":"string"}]],"description_kind":"plain","computed":true},"volume_id":{"type":"string","description_kind":"plain","computed":true},"volume_size":{"type":"number","description_kind":"plain","computed":true}},"block_types":{"filter":{"nesting_mode":"set","block":{"attributes":{"name":{"type":"string","description_kind":"plain","required":true},"values":{"type":["list","string"],"description_kind":"plain","required":true}},"description_kind":"plain"}}},"description_kind":"plain"}},"osc_ebs_volume":{"version":0,"block":{"attributes":{"availability_zone":{"type":"string","description_kind":"plain","computed":true},"encrypted":{"type":"bool","description_kind":"plain","computed":true},"id":{"type":"string","description_kind":"plain","optional":true,"computed":true},"iops":{"type":"number","description_kind":"plain","computed":true},"kms_key_id":{"type":"string","description_kind":"plain","computed":true},"most_recent":{"type":"bool","description_kind":"plain","optional":true},"size":{"type":"number","description_kind":"plain","computed":true},"snapshot_id":{"type":"string","description_kind":"plain","computed":true},"tags":{"type":["set",["object",{"key":"string","value":"string"}]],"description_kind":"plain","computed":true},"volume_id":{"type":"string","description_kind":"plain","computed":true},"volume_type":{"type":"string","description_kind":"plain","computed":true}},"block_types":{"filter":{"nesting_mode":"set","block":{"attributes":{"name":{"type":"string","description_kind":"plain","required":true},"values":{"type":["list","string"],"description_kind":"plain","required":true}},"description_kind":"plain"}}},"description_kind":"plain"}},"osc_eip":{"version":0,"block":{"attributes":{"id":{"type":"string","description_kind":"plain","optional":true,"computed":true},"public_ip":{"type":"string","description_kind":"plain","optional":true,"computed":true},"tags":{"type":["set",["object",{"key":"string","value":"string"}]],"description_kind":"plain","computed":true}},"description_kind":"plain"}},"osc_elb_hosted_zone_id":{"version":0,"block":{"attributes":{"id":{"type":"string","description_kind":"plain","optional":true,"computed":true},"region":{"type":"string","description_kind":"plain","optional":true}},"description_kind":"plain"}},"osc_elb_service_account":{"version":0,"block":{"attributes":{"arn":{"type":"string","description_kind":"plain","computed":true},"id":{"type":"string","description_kind":"plain","optional":true,"computed":true},"region":{"type":"string","description_kind":"plain","optional":true}},"description_kind":"plain"}},"osc_iam_account_alias":{"version":0,"block":{"attributes":{"account_alias":{"type":"string","description_kind":"plain","computed":true},"id":{"type":"string","description_kind":"plain","optional":true,"computed":true}},"description_kind":"plain"}},"osc_iam_policy_document":{"version":0,"block":{"attributes":{"id":{"type":"string","description_kind":"plain","optional":true,"computed":true},"json":{"type":"string","description_kind":"plain","computed":true},"policy_id":{"type":"string","description_kind":"plain","optional":true}},"block_types":{"statement":{"nesting_mode":"list","block":{"attributes":{"actions":{"type":["set","string"],"description_kind":"plain","optional":true},"effect":{"type":"string","description_kind":"plain","optional":true},"not_actions":{"type":["set","string"],"description_kind":"plain","optional":true},"not_resources":{"type":["set","string"],"description_kind":"plain","optional":true},"resources":{"type":["set","string"],"description_kind":"plain","optional":true},"sid":{"type":"string","description_kind":"plain","optional":true}},"block_types":{"condition":{"nesting_mode":"set","block":{"attributes":{"test":{"type":"string","description_kind":"plain","required":true},"values":{"type":["set","string"],"description_kind":"plain","required":true},"variable":{"type":"string","description_kind":"plain","required":true}},"description_kind":"plain"}},"not_principals":{"nesting_mode":"set","block":{"attributes":{"identifiers":{"type":["set","string"],"description_kind":"plain","required":true},"type":{"type":"string","description_kind":"plain","required":true}},"description_kind":"plain"}},"principals":{"nesting_mode":"set","block":{"attributes":{"identifiers":{"type":["set","string"],"description_kind":"plain","required":true},"type":{"type":"string","description_kind":"plain","required":true}},"description_kind":"plain"}}},"description_kind":"plain"},"min_items":1}},"description_kind":"plain"}},"osc_iam_server_certificate":{"version":0,"block":{"attributes":{"arn":{"type":"string","description_kind":"plain","computed":true},"expiration_date":{"type":"string","description_kind":"plain","computed":true},"id":{"type":"string","description_kind":"plain","computed":true},"latest":{"type":"bool","description_kind":"plain","optional":true},"name":{"type":"string","description_kind":"plain","optional":true,"computed":true},"name_prefix":{"type":"string","description_kind":"plain","optional":true},"path":{"type":"string","description_kind":"plain","computed":true}},"description_kind":"plain"}},"osc_instance":{"version":1,"block":{"attributes":{"ami":{"type":"string","description_kind":"plain","computed":true},"associate_public_ip_address":{"type":"bool","description_kind":"plain","computed":true},"availability_zone":{"type":"string","description_kind":"plain","computed":true},"ebs_block_device":{"type":["set",["object",{"delete_on_termination":"bool","device_name":"string","encrypted":"bool","iops":"number","snapshot_id":"string","volume_size":"number","volume_type":"string"}]],"description_kind":"plain","computed":true},"ebs_optimized":{"type":"bool","description_kind":"plain","computed":true},"ephemeral_block_device":{"type":["set",["object",{"device_name":"string","no_device":"bool","virtual_name":"string"}]],"description_kind":"plain","computed":true},"iam_instance_profile":{"type":"string","description_kind":"plain","computed":true},"id":{"type":"string","description_kind":"plain","optional":true,"computed":true},"instance_id":{"type":"string","description_kind":"plain","optional":true},"instance_state":{"type":"string","description_kind":"plain","computed":true},"instance_tags":{"type":["map","string"],"description_kind":"plain","optional":true,"computed":true},"instance_type":{"type":"string","description_kind":"plain","computed":true},"key_name":{"type":"string","description_kind":"plain","computed":true},"monitoring":{"type":"bool","description_kind":"plain","computed":true},"network_interface_id":{"type":"string","description_kind":"plain","computed":true},"private_dns":{"type":"string","description_kind":"plain","computed":true},"private_ip":{"type":"string","description_kind":"plain","computed":true},"public_dns":{"type":"string","description_kind":"plain","computed":true},"public_ip":{"type":"string","description_kind":"plain","computed":true},"root_block_device":{"type":["set",["object",{"delete_on_termination":"bool","iops":"number","volume_size":"number","volume_type":"string"}]],"description_kind":"plain","computed":true},"security_groups":{"type":["set","string"],"description_kind":"plain","computed":true},"source_dest_check":{"type":"bool","description_kind":"plain","computed":true},"subnet_id":{"type":"string","description_kind":"plain","computed":true},"tags":{"type":["set",["object",{"key":"string","value":"string"}]],"description_kind":"plain","computed":true},"tenancy":{"type":"string","description_kind":"plain","computed":true},"user_data":{"type":"string","description_kind":"plain","computed":true},"vpc_security_group_ids":{"type":["set","string"],"description_kind":"plain","computed":true}},"block_types":{"filter":{"nesting_mode":"set","block":{"attributes":{"name":{"type":"string","description_kind":"plain","required":true},"values":{"type":["list","string"],"description_kind":"plain","required":true}},"description_kind":"plain"}}},"description_kind":"plain"}},"osc_ip_ranges":{"version":0,"block":{"attributes":{"cidr_blocks":{"type":["list","string"],"description_kind":"plain","computed":true},"create_date":{"type":"string","description_kind":"plain","computed":true},"id":{"type":"string","description_kind":"plain","optional":true,"computed":true},"regions":{"type":["set","string"],"description_kind":"plain","optional":true},"services":{"type":["set","string"],"description_kind":"plain","required":true},"sync_token":{"type":"number","description_kind":"plain","computed":true}},"description_kind":"plain"}},"osc_partition":{"version":0,"block":{"attributes":{"id":{"type":"string","description_kind":"plain","optional":true,"computed":true},"partition":{"type":"string","description_kind":"plain","computed":true}},"description_kind":"plain"}},"osc_prefix_list":{"version":0,"block":{"attributes":{"cidr_blocks":{"type":["list","string"],"description_kind":"plain","computed":true},"id":{"type":"string","description_kind":"plain","computed":true},"name":{"type":"string","description_kind":"plain","optional":true,"computed":true},"prefix_list_id":{"type":"string","description_kind":"plain","optional":true}},"description_kind":"plain"}},"osc_region":{"version":0,"block":{"attributes":{"current":{"type":"bool","description_kind":"plain","optional":true,"computed":true},"endpoint":{"type":"string","description_kind":"plain","optional":true,"computed":true},"id":{"type":"string","description_kind":"plain","optional":true,"computed":true},"name":{"type":"string","description_kind":"plain","optional":true,"computed":true}},"description_kind":"plain"}},"osc_route_table":{"version":0,"block":{"attributes":{"associations":{"type":["list",["object",{"main":"bool","route_table_association_id":"string","route_table_id":"string","subnet_id":"string"}]],"description_kind":"plain","computed":true},"id":{"type":"string","description_kind":"plain","optional":true,"computed":true},"route_table_id":{"type":"string","description_kind":"plain","optional":true,"computed":true},"routes":{"type":["list",["object",{"cidr_block":"string","gateway_id":"string","instance_id":"string","nat_gateway_id":"string","network_interface_id":"string","vpc_peering_connection_id":"string"}]],"description_kind":"plain","computed":true},"subnet_id":{"type":"string","description_kind":"plain","optional":true,"computed":true},"tags":{"type":["map","string"],"description_kind":"plain","optional":true,"computed":true},"vpc_id":{"type":"string","description_kind":"plain","optional":true,"computed":true}},"block_types":{"filter":{"nesting_mode":"set","block":{"attributes":{"name":{"type":"string","description_kind":"plain","required":true},"values":{"type":["set","string"],"description_kind":"plain","required":true}},"description_kind":"plain"}}},"description_kind":"plain"}},"osc_s3_bucket_object":{"version":0,"block":{"attributes":{"body":{"type":"string","description_kind":"plain","computed":true},"bucket":{"type":"string","description_kind":"plain","required":true},"cache_control":{"type":"string","description_kind":"plain","computed":true},"content_disposition":{"type":"string","description_kind":"plain","computed":true},"content_encoding":{"type":"string","description_kind":"plain","computed":true},"content_language":{"type":"string","description_kind":"plain","computed":true},"content_length":{"type":"number","description_kind":"plain","computed":true},"content_type":{"type":"string","description_kind":"plain","computed":true},"etag":{"type":"string","description_kind":"plain","computed":true},"expiration":{"type":"string","description_kind":"plain","computed":true},"expires":{"type":"string","description_kind":"plain","computed":true},"id":{"type":"string","description_kind":"plain","optional":true,"computed":true},"key":{"type":"string","description_kind":"plain","required":true},"last_modified":{"type":"string","description_kind":"plain","computed":true},"metadata":{"type":["map","string"],"description_kind":"plain","computed":true},"range":{"type":"string","description_kind":"plain","optional":true},"server_side_encryption":{"type":"string","description_kind":"plain","computed":true},"sse_kms_key_id":{"type":"string","description_kind":"plain","computed":true},"storage_class":{"type":"string","description_kind":"plain","computed":true},"version_id":{"type":"string","description_kind":"plain","optional":true,"computed":true},"website_redirect_location":{"type":"string","description_kind":"plain","computed":true}},"description_kind":"plain"}},"osc_security_group":{"version":0,"block":{"attributes":{"id":{"type":"string","description_kind":"plain","optional":true,"computed":true},"name":{"type":"string","description_kind":"plain","optional":true,"computed":true},"tags":{"type":["map","string"],"description_kind":"plain","optional":true,"computed":true},"vpc_id":{"type":"string","description_kind":"plain","optional":true,"computed":true}},"block_types":{"filter":{"nesting_mode":"set","block":{"attributes":{"name":{"type":"string","description_kind":"plain","required":true},"values":{"type":["set","string"],"description_kind":"plain","required":true}},"description_kind":"plain"}}},"description_kind":"plain"}},"osc_subnet":{"version":0,"block":{"attributes":{"availability_zone":{"type":"string","description_kind":"plain","optional":true,"computed":true},"cidr_block":{"type":"string","description_kind":"plain","optional":true,"computed":true},"default_for_az":{"type":"bool","description_kind":"plain","optional":true,"computed":true},"id":{"type":"string","description_kind":"plain","optional":true,"computed":true},"state":{"type":"string","description_kind":"plain","optional":true,"computed":true},"tags":{"type":["map","string"],"description_kind":"plain","optional":true,"computed":true},"vpc_id":{"type":"string","description_kind":"plain","optional":true,"computed":true}},"block_types":{"filter":{"nesting_mode":"set","block":{"attributes":{"name":{"type":"string","description_kind":"plain","required":true},"values":{"type":["set","string"],"description_kind":"plain","required":true}},"description_kind":"plain"}}},"description_kind":"plain"}},"osc_vpc":{"version":0,"block":{"attributes":{"cidr_block":{"type":"string","description_kind":"plain","optional":true,"computed":true},"default":{"type":"bool","description_kind":"plain","optional":true,"computed":true},"dhcp_options_id":{"type":"string","description_kind":"plain","optional":true,"computed":true},"id":{"type":"string","description_kind":"plain","optional":true,"computed":true},"instance_tenancy":{"type":"string","description_kind":"plain","computed":true},"state":{"type":"string","description_kind":"plain","optional":true,"computed":true},"tags":{"type":["map","string"],"description_kind":"plain","optional":true,"computed":true}},"block_types":{"filter":{"nesting_mode":"set","block":{"attributes":{"name":{"type":"string","description_kind":"plain","required":true},"values":{"type":["set","string"],"description_kind":"plain","required":true}},"description_kind":"plain"}}},"description_kind":"plain"}},"osc_vpc_endpoint":{"version":0,"block":{"attributes":{"id":{"type":"string","description_kind":"plain","optional":true,"computed":true},"policy":{"type":"string","description_kind":"plain","computed":true},"route_table_ids":{"type":["set","string"],"description_kind":"plain","computed":true},"service_name":{"type":"string","description_kind":"plain","optional":true,"computed":true},"state":{"type":"string","description_kind":"plain","optional":true,"computed":true},"vpc_id":{"type":"string","description_kind":"plain","optional":true,"computed":true}},"description_kind":"plain"}},"osc_vpc_endpoint_service":{"version":0,"block":{"attributes":{"id":{"type":"string","description_kind":"plain","optional":true,"computed":true},"service":{"type":"string","description_kind":"plain","required":true},"service_name":{"type":"string","description_kind":"plain","computed":true}},"description_kind":"plain"}},"osc_vpc_peering_connection":{"version":0,"block":{"attributes":{"accepter":{"type":["map","bool"],"description_kind":"plain","computed":true},"cidr_block":{"type":"string","description_kind":"plain","optional":true,"computed":true},"id":{"type":"string","description_kind":"plain","optional":true,"computed":true},"owner_id":{"type":"string","description_kind":"plain","optional":true,"computed":true},"peer_cidr_block":{"type":"string","description_kind":"plain","optional":true,"computed":true},"peer_owner_id":{"type":"string","description_kind":"plain","optional":true,"computed":true},"peer_vpc_id":{"type":"string","description_kind":"plain","optional":true,"computed":true},"requester":{"type":["map","bool"],"description_kind":"plain","computed":true},"status":{"type":"string","description_kind":"plain","optional":true,"computed":true},"tags":{"type":["map","string"],"description_kind":"plain","optional":true,"computed":true},"vpc_id":{"type":"string","description_kind":"plain","optional":true,"computed":true}},"block_types":{"filter":{"nesting_mode":"set","block":{"attributes":{"name":{"type":"string","description_kind":"plain","required":true},"values":{"type":["set","string"],"description_kind":"plain","required":true}},"description_kind":"plain"}}},"description_kind":"plain"}}}}}}
