{"format_version":"0.2","provider_schemas":{"registry.terraform.io/scastria/msgraph":{"provider":{"version":0,"block":{"attributes":{"access_token":{"type":"string","description_kind":"plain","optional":true,"sensitive":true},"client_id":{"type":"string","description_kind":"plain","optional":true},"client_secret":{"type":"string","description_kind":"plain","optional":true,"sensitive":true},"tenant_id":{"type":"string","description_kind":"plain","required":true}},"description_kind":"plain"}},"resource_schemas":{"msgraph_group":{"version":0,"block":{"attributes":{"description":{"type":"string","description_kind":"plain","required":true},"display_name":{"type":"string","description_kind":"plain","required":true},"id":{"type":"string","description_kind":"plain","optional":true,"computed":true},"is_unified":{"type":"bool","description_kind":"plain","optional":true},"mail":{"type":"string","description_kind":"plain","computed":true},"mail_enabled":{"type":"bool","description_kind":"plain","computed":true},"mail_nickname":{"type":"string","description_kind":"plain","required":true},"primary_owner_id":{"type":"string","description_kind":"plain","optional":true},"security_enabled":{"type":"bool","description_kind":"plain","optional":true}},"description_kind":"plain"}},"msgraph_group_member":{"version":0,"block":{"attributes":{"group_id":{"type":"string","description_kind":"plain","required":true},"id":{"type":"string","description_kind":"plain","optional":true,"computed":true},"member_id":{"type":"string","description_kind":"plain","required":true}},"description_kind":"plain"}},"msgraph_group_owner":{"version":0,"block":{"attributes":{"group_id":{"type":"string","description_kind":"plain","required":true},"id":{"type":"string","description_kind":"plain","optional":true,"computed":true},"owner_id":{"type":"string","description_kind":"plain","required":true}},"description_kind":"plain"}},"msgraph_group_role_assignment":{"version":0,"block":{"attributes":{"enterprise_app_role_id":{"type":"string","description_kind":"plain","required":true},"group_id":{"type":"string","description_kind":"plain","required":true},"id":{"type":"string","description_kind":"plain","optional":true,"computed":true}},"description_kind":"plain"}}},"data_source_schemas":{"msgraph_app_registration":{"version":0,"block":{"attributes":{"app_id":{"type":"string","description_kind":"plain","optional":true},"display_name":{"type":"string","description_kind":"plain","optional":true},"id":{"type":"string","description_kind":"plain","optional":true,"computed":true},"search_display_name":{"type":"string","description_kind":"plain","optional":true}},"description_kind":"plain"}},"msgraph_enterprise_app":{"version":0,"block":{"attributes":{"app_display_name":{"type":"string","description_kind":"plain","computed":true},"app_id":{"type":"string","description_kind":"plain","optional":true},"display_name":{"type":"string","description_kind":"plain","optional":true},"id":{"type":"string","description_kind":"plain","optional":true,"computed":true},"login_url":{"type":"string","description_kind":"plain","computed":true},"logout_url":{"type":"string","description_kind":"plain","computed":true},"search_display_name":{"type":"string","description_kind":"plain","optional":true}},"description_kind":"plain"}},"msgraph_enterprise_app_role":{"version":0,"block":{"attributes":{"description":{"type":"string","description_kind":"plain","optional":true},"display_name":{"type":"string","description_kind":"plain","optional":true},"enterprise_app_id":{"type":"string","description_kind":"plain","required":true},"id":{"type":"string","description_kind":"plain","optional":true,"computed":true},"search_display_name":{"type":"string","description_kind":"plain","optional":true}},"description_kind":"plain"}},"msgraph_group":{"version":0,"block":{"attributes":{"description":{"type":"string","description_kind":"plain","computed":true},"display_name":{"type":"string","description_kind":"plain","optional":true},"id":{"type":"string","description_kind":"plain","optional":true,"computed":true},"is_unified":{"type":"bool","description_kind":"plain","computed":true},"mail":{"type":"string","description_kind":"plain","optional":true},"mail_enabled":{"type":"bool","description_kind":"plain","computed":true},"mail_nickname":{"type":"string","description_kind":"plain","optional":true},"search_display_name":{"type":"string","description_kind":"plain","optional":true},"security_enabled":{"type":"bool","description_kind":"plain","computed":true}},"description_kind":"plain"}},"msgraph_user":{"version":0,"block":{"attributes":{"display_name":{"type":"string","description_kind":"plain","optional":true},"given_name":{"type":"string","description_kind":"plain","optional":true},"id":{"type":"string","description_kind":"plain","optional":true,"computed":true},"job_title":{"type":"string","description_kind":"plain","optional":true},"mail":{"type":"string","description_kind":"plain","optional":true},"search_display_name":{"type":"string","description_kind":"plain","optional":true},"surname":{"type":"string","description_kind":"plain","optional":true},"user_principal_name":{"type":"string","description_kind":"plain","optional":true}},"description_kind":"plain"}}}}}}
