{"format_version":"0.2","provider_schemas":{"registry.terraform.io/scastria/apigee":{"provider":{"version":0,"block":{"attributes":{"organization":{"type":"string","description_kind":"plain","required":true},"password":{"type":"string","description_kind":"plain","required":true,"sensitive":true},"port":{"type":"number","description_kind":"plain","optional":true},"server":{"type":"string","description_kind":"plain","required":true},"username":{"type":"string","description_kind":"plain","required":true}},"description_kind":"plain"}},"resource_schemas":{"apigee_cache":{"version":0,"block":{"attributes":{"description":{"type":"string","description_kind":"plain","optional":true},"environment_name":{"type":"string","description_kind":"plain","required":true},"expiry_date":{"type":"string","description_kind":"plain","optional":true},"expiry_time_of_day":{"type":"string","description_kind":"plain","optional":true},"expiry_timeout_in_sec":{"type":"number","description_kind":"plain","optional":true},"id":{"type":"string","description_kind":"plain","optional":true,"computed":true},"name":{"type":"string","description_kind":"plain","required":true},"skip_cache_if_element_size_in_kb_exceeds":{"type":"number","description_kind":"plain","optional":true}},"description_kind":"plain"}},"apigee_developer":{"version":0,"block":{"attributes":{"attributes":{"type":["map","string"],"description_kind":"plain","optional":true},"email":{"type":"string","description_kind":"plain","required":true},"first_name":{"type":"string","description_kind":"plain","required":true},"id":{"type":"string","description_kind":"plain","optional":true,"computed":true},"last_name":{"type":"string","description_kind":"plain","required":true},"user_name":{"type":"string","description_kind":"plain","required":true}},"description_kind":"plain"}},"apigee_environment_kvm":{"version":0,"block":{"attributes":{"encrypted":{"type":"bool","description_kind":"plain","optional":true},"entry":{"type":["map","string"],"description_kind":"plain","optional":true},"environment_name":{"type":"string","description_kind":"plain","required":true},"id":{"type":"string","description_kind":"plain","optional":true,"computed":true},"name":{"type":"string","description_kind":"plain","required":true}},"description_kind":"plain"}},"apigee_product":{"version":0,"block":{"attributes":{"api_resources":{"type":["set","string"],"description_kind":"plain","optional":true},"attributes":{"type":["map","string"],"description_kind":"plain","optional":true},"auto_approval_type":{"type":"bool","description_kind":"plain","required":true},"description":{"type":"string","description_kind":"plain","optional":true},"display_name":{"type":"string","description_kind":"plain","required":true},"environments":{"type":["set","string"],"description_kind":"plain","optional":true},"id":{"type":"string","description_kind":"plain","optional":true,"computed":true},"name":{"type":"string","description_kind":"plain","required":true},"proxies":{"type":["set","string"],"description_kind":"plain","optional":true},"quota":{"type":"number","description_kind":"plain","optional":true},"quota_interval":{"type":"number","description_kind":"plain","optional":true},"quota_time_unit":{"type":"string","description_kind":"plain","optional":true},"scopes":{"type":["set","string"],"description_kind":"plain","optional":true}},"description_kind":"plain"}},"apigee_proxy":{"version":0,"block":{"attributes":{"bundle":{"type":"string","description_kind":"plain","required":true},"bundle_hash":{"type":"string","description_kind":"plain","required":true},"id":{"type":"string","description_kind":"plain","optional":true,"computed":true},"name":{"type":"string","description_kind":"plain","required":true},"revision":{"type":"number","description_kind":"plain","computed":true}},"description_kind":"plain"}},"apigee_proxy_deployment":{"version":0,"block":{"attributes":{"delay":{"type":"number","description_kind":"plain","optional":true},"environment_name":{"type":"string","description_kind":"plain","required":true},"id":{"type":"string","description_kind":"plain","optional":true,"computed":true},"proxy_name":{"type":"string","description_kind":"plain","required":true},"revision":{"type":"number","description_kind":"plain","required":true}},"description_kind":"plain"}},"apigee_role":{"version":0,"block":{"attributes":{"id":{"type":"string","description_kind":"plain","optional":true,"computed":true},"name":{"type":"string","description_kind":"plain","required":true}},"description_kind":"plain"}},"apigee_role_permission":{"version":0,"block":{"attributes":{"id":{"type":"string","description_kind":"plain","optional":true,"computed":true},"path":{"type":"string","description_kind":"plain","required":true},"permissions":{"type":["set","string"],"description_kind":"plain","required":true},"role_name":{"type":"string","description_kind":"plain","required":true}},"description_kind":"plain"}},"apigee_shared_flow":{"version":0,"block":{"attributes":{"bundle":{"type":"string","description_kind":"plain","required":true},"bundle_hash":{"type":"string","description_kind":"plain","required":true},"id":{"type":"string","description_kind":"plain","optional":true,"computed":true},"name":{"type":"string","description_kind":"plain","required":true},"revision":{"type":"number","description_kind":"plain","computed":true}},"description_kind":"plain"}},"apigee_shared_flow_deployment":{"version":0,"block":{"attributes":{"delay":{"type":"number","description_kind":"plain","optional":true},"environment_name":{"type":"string","description_kind":"plain","required":true},"id":{"type":"string","description_kind":"plain","optional":true,"computed":true},"revision":{"type":"number","description_kind":"plain","required":true},"shared_flow_name":{"type":"string","description_kind":"plain","required":true}},"description_kind":"plain"}},"apigee_target_server":{"version":0,"block":{"attributes":{"environment_name":{"type":"string","description_kind":"plain","required":true},"host":{"type":"string","description_kind":"plain","required":true},"id":{"type":"string","description_kind":"plain","optional":true,"computed":true},"is_enabled":{"type":"bool","description_kind":"plain","optional":true},"name":{"type":"string","description_kind":"plain","required":true},"port":{"type":"number","description_kind":"plain","required":true},"ssl_enabled":{"type":"bool","description_kind":"plain","optional":true}},"description_kind":"plain"}},"apigee_user":{"version":0,"block":{"attributes":{"email_id":{"type":"string","description_kind":"plain","required":true},"first_name":{"type":"string","description_kind":"plain","required":true},"id":{"type":"string","description_kind":"plain","optional":true,"computed":true},"last_name":{"type":"string","description_kind":"plain","required":true},"password":{"type":"string","description_kind":"plain","required":true,"sensitive":true}},"description_kind":"plain"}},"apigee_user_role":{"version":0,"block":{"attributes":{"email_id":{"type":"string","description_kind":"plain","required":true},"id":{"type":"string","description_kind":"plain","optional":true,"computed":true},"role_name":{"type":"string","description_kind":"plain","required":true}},"description_kind":"plain"}},"apigee_virtual_host":{"version":0,"block":{"attributes":{"base_url":{"type":"string","description_kind":"plain","optional":true},"environment_name":{"type":"string","description_kind":"plain","required":true},"host_aliases":{"type":["set","string"],"description_kind":"plain","required":true},"id":{"type":"string","description_kind":"plain","optional":true,"computed":true},"name":{"type":"string","description_kind":"plain","required":true},"port":{"type":"number","description_kind":"plain","optional":true}},"description_kind":"plain"}}},"data_source_schemas":{"apigee_user":{"version":0,"block":{"attributes":{"email_id":{"type":"string","description_kind":"plain","required":true},"first_name":{"type":"string","description_kind":"plain","computed":true},"id":{"type":"string","description_kind":"plain","optional":true,"computed":true},"last_name":{"type":"string","description_kind":"plain","computed":true}},"description_kind":"plain"}}}}}}
