{"format_version":"0.2","provider_schemas":{"registry.terraform.io/schubergphilis/influx":{"provider":{"version":0,"block":{"attributes":{"log_level":{"type":"number","description":"providers log level. Minimum is 1 (TRACE), and maximum is 5 (ERROR)","description_kind":"plain","optional":true},"token":{"type":"string","description":"The InfluxDBAPI Token granting privileges to Influx API.","description_kind":"plain","optional":true},"url":{"type":"string","description":"The InfluxDB API URL","description_kind":"plain","optional":true}},"description_kind":"plain"}},"resource_schemas":{"influx_authorization":{"version":0,"block":{"attributes":{"host":{"type":"string","description_kind":"plain","computed":true},"id":{"type":"string","description_kind":"plain","computed":true},"name":{"type":"string","description":"The name of the authorization","description_kind":"plain","required":true},"org_id":{"type":"string","description_kind":"plain","computed":true},"organization":{"type":"string","description_kind":"plain","computed":true},"status":{"type":"string","description":"Status of the token. Either active or inactive. defaults to active","description_kind":"plain","optional":true},"token":{"type":"string","description_kind":"plain","computed":true,"sensitive":true}},"block_types":{"permission":{"nesting_mode":"set","block":{"attributes":{"action":{"type":"string","description":"The id of the resource","description_kind":"plain","required":true},"id":{"type":"string","description":"The id of the resource","description_kind":"plain","optional":true},"type":{"type":"string","description":"The type of the resource","description_kind":"plain","required":true}},"description":"List of permissions for the authorization","description_kind":"plain"},"min_items":1}},"description_kind":"plain"}},"influx_bucket":{"version":0,"block":{"attributes":{"dbrp_id":{"type":"string","description_kind":"plain","computed":true},"description":{"type":"string","description":"The description of the bucket","description_kind":"plain","optional":true},"id":{"type":"string","description_kind":"plain","computed":true},"name":{"type":"string","description":"The name of the bucket","description_kind":"plain","required":true},"org_id":{"type":"string","description_kind":"plain","computed":true},"retention_days":{"type":"number","description":"Retention time of the data in days","description_kind":"plain","optional":true}},"description_kind":"plain"}}}}}}
