{"format_version":"0.2","provider_schemas":{"registry.terraform.io/schubergphilis/mcaf":{"provider":{"version":0,"block":{"block_types":{"aws":{"nesting_mode":"list","block":{"attributes":{"access_key":{"type":"string","description_kind":"plain","optional":true},"max_retries":{"type":"number","description_kind":"plain","optional":true},"profile":{"type":"string","description_kind":"plain","optional":true},"region":{"type":"string","description_kind":"plain","required":true},"secret_key":{"type":"string","description_kind":"plain","optional":true},"shared_credentials_file":{"type":"string","description_kind":"plain","optional":true},"skip_credentials_validation":{"type":"bool","description_kind":"plain","optional":true},"skip_metadata_api_check":{"type":"bool","description_kind":"plain","optional":true},"skip_region_validation":{"type":"bool","description_kind":"plain","optional":true},"skip_requesting_account_id":{"type":"bool","description_kind":"plain","optional":true},"token":{"type":"string","description_kind":"plain","optional":true}},"description_kind":"plain"},"max_items":1},"o365":{"nesting_mode":"list","block":{"attributes":{"acl_guid":{"type":"string","description_kind":"plain","required":true},"endpoint":{"type":"string","description_kind":"plain","required":true},"secret_code":{"type":"string","description_kind":"plain","required":true}},"description_kind":"plain"},"max_items":1}},"description_kind":"plain"}},"resource_schemas":{"mcaf_aws_account":{"version":0,"block":{"attributes":{"account_id":{"type":"string","description_kind":"plain","computed":true},"email":{"type":"string","description_kind":"plain","required":true},"id":{"type":"string","description_kind":"plain","optional":true,"computed":true},"name":{"type":"string","description_kind":"plain","required":true},"organizational_unit":{"type":"string","description_kind":"plain","required":true},"provisioned_product_name":{"type":"string","description_kind":"plain","optional":true,"computed":true}},"block_types":{"sso":{"nesting_mode":"list","block":{"attributes":{"email":{"type":"string","description_kind":"plain","required":true},"firstname":{"type":"string","description_kind":"plain","required":true},"lastname":{"type":"string","description_kind":"plain","required":true}},"description_kind":"plain"},"min_items":1,"max_items":1}},"description_kind":"plain"}},"mcaf_o365_alias":{"version":1,"block":{"attributes":{"alias":{"type":"string","description_kind":"plain","required":true},"group_id":{"type":"string","description_kind":"plain","required":true},"id":{"type":"string","description_kind":"plain","optional":true,"computed":true}},"description_kind":"plain"}}}}}}
