{"format_version":"0.2","provider_schemas":{"registry.terraform.io/segmentio/kubeapply":{"provider":{"version":0,"block":{"attributes":{"account_id":{"type":"string","description":"Account ID","description_kind":"plain","required":true},"account_name":{"type":"string","description":"Account name","description_kind":"plain","required":true},"allow_deletes":{"type":"bool","description":"Actually delete kubernetes resources when they're removed from terraform","description_kind":"plain","optional":true},"auto_create_namespaces":{"type":"bool","description":"Automatically create namespaces before each diff","description_kind":"plain","optional":true},"client_certificate":{"type":"string","description":"PEM-encoded client certificate for mTLS","description_kind":"plain","optional":true},"client_key":{"type":"string","description":"PEM-encoded client key for mTLS","description_kind":"plain","optional":true},"cluster_ca_certificate":{"type":"string","description":"PEM-encoded root certificates bundle for TLS authentication.","description_kind":"plain","optional":true},"cluster_name":{"type":"string","description":"Name of the cluster","description_kind":"plain","required":true},"cluster_version":{"type":"string","description":"Cluster Kubernetes version","description_kind":"plain","optional":true},"config_path":{"type":"string","description":"Path to kubeconfig to use for cluster access","description_kind":"plain","optional":true},"diff_context_lines":{"type":"number","description":"Number of lines of context to show on diffs","description_kind":"plain","optional":true},"environment":{"type":"string","description":"Account environment","description_kind":"plain","required":true},"force_diffs":{"type":"bool","description":"Force diffs for all resources managed by this provider","description_kind":"plain","optional":true},"host":{"type":"string","description":"The hostname (in form of URI) of Kubernetes master","description_kind":"plain","optional":true},"insecure":{"type":"bool","description":"Skip TLS hostname verification","description_kind":"plain","optional":true},"max_diff_line_length":{"type":"number","description":"Max line length for all resources managed by this provider","description_kind":"plain","optional":true},"max_diff_size":{"type":"number","description":"Max total diff size for all resources managed by this provider","description_kind":"plain","optional":true},"password":{"type":"string","description":"Password for basic HTTP auth","description_kind":"plain","optional":true},"region":{"type":"string","description":"Region","description_kind":"plain","required":true},"token":{"type":"string","description":"Token to authenticate with the Kubernetes API","description_kind":"plain","optional":true},"username":{"type":"string","description":"Username for basic HTTP auth","description_kind":"plain","optional":true},"verbose_applies":{"type":"bool","description":"Generate verbose output for applies","description_kind":"plain","optional":true},"verbose_diffs":{"type":"bool","description":"Generate verbose output for diffs","description_kind":"plain","optional":true}},"block_types":{"exec":{"nesting_mode":"list","block":{"attributes":{"api_version":{"type":"string","description_kind":"plain","optional":true},"args":{"type":["list","string"],"description_kind":"plain","optional":true},"command":{"type":"string","description_kind":"plain","required":true},"env":{"type":["map","string"],"description_kind":"plain","optional":true}},"description_kind":"plain"},"max_items":1}},"description_kind":"plain"}},"resource_schemas":{"kubeapply_profile":{"version":0,"block":{"attributes":{"diff":{"type":["map","string"],"description":"Diff result from applying changed files","description_kind":"plain","computed":true},"expanded_files":{"type":["map","string"],"description":"Result of expanding templates; only set if show_expanded is set to true","description_kind":"plain","computed":true},"id":{"type":"string","description_kind":"plain","optional":true,"computed":true},"parameters":{"type":["map","string"],"description":"Arbitrary parameters that will be used for profile expansion","description_kind":"plain","optional":true},"resources":{"type":["map","string"],"description":"Resources in this profile","description_kind":"plain","computed":true},"resources_hash":{"type":"string","description":"Hash of all resources in this profile","description_kind":"plain","computed":true},"show_expanded":{"type":"bool","description":"Show expanded output","description_kind":"plain","optional":true},"source":{"type":"string","description":"Source for profile manifest files in local file system or remote git repo","description_kind":"plain","required":true}},"block_types":{"set":{"nesting_mode":"set","block":{"attributes":{"name":{"type":"string","description_kind":"plain","required":true},"placeholder":{"type":"string","description_kind":"plain","optional":true},"value":{"type":"string","description_kind":"plain","required":true}},"description":"Custom, JSON-encoded parameters to be merged parameters above","description_kind":"plain"}}},"description_kind":"plain"}}}}}}
