{"format_version":"0.2","provider_schemas":{"registry.terraform.io/sergsoloviev/vscale":{"provider":{"version":0,"block":{"description_kind":"plain"}},"resource_schemas":{"vscale_server":{"version":0,"block":{"attributes":{"active":{"type":"string","description_kind":"plain","computed":true},"hostname":{"type":"string","description_kind":"plain","computed":true},"id":{"type":"string","description_kind":"plain","computed":true},"image":{"type":"string","description_kind":"plain","required":true},"keys":{"type":["list","string"],"description_kind":"plain","optional":true},"location":{"type":"string","description_kind":"plain","required":true},"locked":{"type":"string","description_kind":"plain","computed":true},"name":{"type":"string","description_kind":"plain","required":true},"private_address":{"type":["map","string"],"description_kind":"plain","computed":true},"public_address":{"type":["map","string"],"description_kind":"plain","computed":true},"rplan":{"type":"string","description_kind":"plain","required":true},"status":{"type":"string","description_kind":"plain","computed":true}},"block_types":{"timeouts":{"nesting_mode":"single","block":{"attributes":{"create":{"type":"string","description_kind":"plain","optional":true}},"description_kind":"plain"}}},"description_kind":"plain"}},"vscale_ssh_key":{"version":0,"block":{"attributes":{"id":{"type":"string","description_kind":"plain","computed":true},"key":{"type":"string","description_kind":"plain","optional":true},"name":{"type":"string","description_kind":"plain","optional":true}},"description_kind":"plain"}}}}}}
