{"format_version":"0.2","provider_schemas":{"registry.terraform.io/serverscom/serverscom":{"provider":{"version":0,"block":{"attributes":{"endpoint":{"type":"string","description_kind":"plain","optional":true},"token":{"type":"string","description_kind":"plain","required":true}},"description_kind":"plain"}},"resource_schemas":{"serverscom_cloud_computing_instance":{"version":1,"block":{"attributes":{"backup_copies":{"type":"number","description_kind":"plain","optional":true},"flavor":{"type":"string","description_kind":"plain","required":true},"gpn_enabled":{"type":"bool","description_kind":"plain","optional":true},"id":{"type":"string","description_kind":"plain","optional":true,"computed":true},"image":{"type":"string","description_kind":"plain","required":true},"ipv6_enabled":{"type":"bool","description_kind":"plain","optional":true},"name":{"type":"string","description_kind":"plain","required":true},"openstack_uuid":{"type":"string","description_kind":"plain","computed":true},"private_ipv4_address":{"type":"string","description_kind":"plain","computed":true},"private_ipv6_address":{"type":"string","description_kind":"plain","computed":true},"public_ipv4_address":{"type":"string","description_kind":"plain","computed":true},"region":{"type":"string","description_kind":"plain","required":true},"ssh_key_fingerprint":{"type":"string","description_kind":"plain","optional":true},"status":{"type":"string","description_kind":"plain","computed":true}},"description_kind":"plain"}},"serverscom_dedicated_server":{"version":1,"block":{"attributes":{"bandwidth":{"type":"string","description_kind":"plain","optional":true},"configuration":{"type":"string","description_kind":"plain","computed":true},"hostname":{"type":"string","description_kind":"plain","required":true},"id":{"type":"string","description_kind":"plain","optional":true,"computed":true},"ipv6":{"type":"bool","description_kind":"plain","optional":true},"location":{"type":"string","description_kind":"plain","required":true},"operating_system":{"type":"string","description_kind":"plain","optional":true},"private_ipv4_address":{"type":"string","description_kind":"plain","optional":true,"computed":true},"private_ipv4_network_id":{"type":"string","description_kind":"plain","optional":true},"private_uplink":{"type":"string","description_kind":"plain","required":true},"public_ipv4_address":{"type":"string","description_kind":"plain","optional":true,"computed":true},"public_ipv4_network_id":{"type":"string","description_kind":"plain","optional":true},"public_uplink":{"type":"string","description_kind":"plain","optional":true},"ram_size":{"type":"number","description_kind":"plain","optional":true},"server_model":{"type":"string","description_kind":"plain","required":true},"ssh_key_fingerprints":{"type":["list","string"],"description_kind":"plain","optional":true},"status":{"type":"string","description_kind":"plain","computed":true},"user_data":{"type":"string","description_kind":"plain","optional":true}},"block_types":{"layout":{"nesting_mode":"list","block":{"attributes":{"raid":{"type":"number","description_kind":"plain","optional":true},"slot_positions":{"type":["list","number"],"description_kind":"plain","required":true}},"block_types":{"partition":{"nesting_mode":"list","block":{"attributes":{"fill":{"type":"bool","description_kind":"plain","optional":true},"fs":{"type":"string","description_kind":"plain","optional":true},"size":{"type":"number","description_kind":"plain","required":true},"target":{"type":"string","description_kind":"plain","required":true}},"description_kind":"plain"}}},"description_kind":"plain"}},"slot":{"nesting_mode":"list","block":{"attributes":{"drive_model":{"type":"string","description_kind":"plain","optional":true},"position":{"type":"number","description_kind":"plain","required":true}},"description_kind":"plain"}},"timeouts":{"nesting_mode":"single","block":{"attributes":{"create":{"type":"string","description_kind":"plain","optional":true},"delete":{"type":"string","description_kind":"plain","optional":true}},"description_kind":"plain"}}},"description_kind":"plain"}},"serverscom_l2_segment":{"version":1,"block":{"attributes":{"created_at":{"type":"string","description_kind":"plain","computed":true},"id":{"type":"string","description_kind":"plain","optional":true,"computed":true},"location_group":{"type":"string","description_kind":"plain","required":true},"name":{"type":"string","description_kind":"plain","optional":true},"status":{"type":"string","description_kind":"plain","computed":true},"type":{"type":"string","description_kind":"plain","required":true},"updated_at":{"type":"string","description_kind":"plain","computed":true}},"block_types":{"member":{"nesting_mode":"set","block":{"attributes":{"created_at":{"type":"string","description_kind":"plain","computed":true},"id":{"type":"string","description_kind":"plain","required":true},"mode":{"type":"string","description_kind":"plain","required":true},"status":{"type":"string","description_kind":"plain","computed":true},"updated_at":{"type":"string","description_kind":"plain","computed":true},"vlan":{"type":"string","description_kind":"plain","computed":true}},"description_kind":"plain"},"min_items":2},"timeouts":{"nesting_mode":"single","block":{"attributes":{"create":{"type":"string","description_kind":"plain","optional":true},"delete":{"type":"string","description_kind":"plain","optional":true},"update":{"type":"string","description_kind":"plain","optional":true}},"description_kind":"plain"}}},"description_kind":"plain"}},"serverscom_ssh_key":{"version":1,"block":{"attributes":{"fingerprint":{"type":"string","description_kind":"plain","computed":true},"id":{"type":"string","description_kind":"plain","optional":true,"computed":true},"name":{"type":"string","description_kind":"plain","required":true},"public_key":{"type":"string","description_kind":"plain","required":true}},"description_kind":"plain"}},"serverscom_subnetwork":{"version":1,"block":{"attributes":{"cidr":{"type":"string","description_kind":"plain","optional":true},"id":{"type":"string","description_kind":"plain","optional":true,"computed":true},"mask":{"type":"number","description_kind":"plain","optional":true},"network_pool_id":{"type":"string","description_kind":"plain","required":true},"title":{"type":"string","description_kind":"plain","optional":true}},"description_kind":"plain"}}},"data_source_schemas":{"serverscom_network_pool":{"version":0,"block":{"attributes":{"cidr":{"type":"string","description":"CIDR of the Network Pool","description_kind":"plain","optional":true,"computed":true},"created_at":{"type":"string","description":"the creation time of the Network Pool","description_kind":"plain","computed":true},"id":{"type":"string","description":"id of the Network Pool","description_kind":"plain","optional":true,"computed":true},"location_ids":{"type":["set","number"],"description":"list of location id's of the Network Pool","description_kind":"plain","computed":true},"title":{"type":"string","description":"title of the Network Pool","description_kind":"plain","computed":true},"type":{"type":"string","description":"the type of the Network Pool","description_kind":"plain","computed":true}},"description_kind":"plain"}}}}}}
