{"format_version":"0.2","provider_schemas":{"registry.terraform.io/sgammon/segment":{"provider":{"version":0,"block":{"attributes":{"access_token":{"type":"string","description":"The Access Token used to connect to Segment","description_kind":"plain","required":true},"workspace":{"type":"string","description":"The Segment workspace to manage","description_kind":"plain","required":true}},"description_kind":"plain"}},"resource_schemas":{"segment_destination":{"version":0,"block":{"attributes":{"connection_mode":{"type":"string","description_kind":"plain","required":true},"destination_name":{"type":"string","description_kind":"plain","required":true},"enabled":{"type":"bool","description_kind":"plain","required":true},"id":{"type":"string","description_kind":"plain","optional":true,"computed":true},"source_name":{"type":"string","description_kind":"plain","required":true}},"block_types":{"configs":{"nesting_mode":"set","block":{"attributes":{"name":{"type":"string","description_kind":"plain","required":true},"type":{"type":"string","description_kind":"plain","required":true},"value":{"type":"string","description_kind":"plain","required":true}},"description_kind":"plain"},"min_items":1}},"description_kind":"plain"}},"segment_source":{"version":0,"block":{"attributes":{"catalog_name":{"type":"string","description_kind":"plain","required":true},"id":{"type":"string","description_kind":"plain","optional":true,"computed":true},"source_name":{"type":"string","description_kind":"plain","required":true}},"description_kind":"plain"}},"segment_tracking_plan":{"version":0,"block":{"attributes":{"display_name":{"type":"string","description_kind":"plain","required":true},"id":{"type":"string","description_kind":"plain","optional":true,"computed":true},"name":{"type":"string","description_kind":"plain","computed":true},"rules":{"type":"string","description_kind":"plain","required":true}},"description_kind":"plain"}}}}}}
