{"format_version":"0.2","provider_schemas":{"registry.terraform.io/shanedabes/bigippg":{"provider":{"version":0,"block":{"attributes":{"address":{"type":"string","description":"Domain name/IP of the BigIP","description_kind":"plain","required":true},"login_ref":{"type":"string","description":"Login reference for token authentication (see BIG-IP REST docs for details)","description_kind":"plain","optional":true},"password":{"type":"string","description":"The user's password","description_kind":"plain","required":true},"port":{"type":"string","description":"Management Port to connect to Bigip","description_kind":"plain","optional":true},"teem_disable":{"type":"bool","description":"If this flag set to true,sending telemetry data to TEEM will be disabled","description_kind":"plain","optional":true},"token_auth":{"type":"bool","description":"Enable to use an external authentication source (LDAP, TACACS, etc)","description_kind":"plain","optional":true},"username":{"type":"string","description":"Username with API access to the BigIP","description_kind":"plain","required":true}},"description_kind":"plain"}},"resource_schemas":{"bigippg_ltm_monitor":{"version":0,"block":{"attributes":{"adaptive":{"type":"string","description":"ftp adaptive","description_kind":"plain","optional":true,"computed":true},"adaptive_limit":{"type":"number","description":"Integer value","description_kind":"plain","optional":true,"computed":true},"compatibility":{"type":"string","description":"Specifies, when enabled, that the SSL options setting (in OpenSSL) is set to ALL. The default value is enabled.","description_kind":"plain","optional":true},"database":{"type":"string","description":"the database in which your user is created","description_kind":"plain","optional":true},"defaults_from":{"type":"string","description":"Existing monitor to inherit from. Must be one of /Common/http, /Common/https, /Common/icmp or /Common/gateway-icmp.","description_kind":"plain","optional":true},"destination":{"type":"string","description":"Alias for the destination","description_kind":"plain","optional":true,"computed":true},"filename":{"type":"string","description":"Specifies the full path and file name of the file that the system attempts to download. The health check is successful if the system can download the file.","description_kind":"plain","optional":true},"id":{"type":"string","description_kind":"plain","optional":true,"computed":true},"interval":{"type":"number","description":"Check interval in seconds","description_kind":"plain","optional":true,"computed":true},"ip_dscp":{"type":"number","description_kind":"plain","optional":true,"computed":true},"manual_resume":{"type":"string","description_kind":"plain","optional":true,"computed":true},"mode":{"type":"string","description":"Specifies the data transfer process (DTP) mode. The default value is passive.","description_kind":"plain","optional":true,"computed":true},"name":{"type":"string","description":"Name of the monitor","description_kind":"plain","required":true},"parent":{"type":"string","description":"Existing monitor to inherit from. Must be one of /Common/http, /Common/https, /Common/icmp or /Common/gateway-icmp.","description_kind":"plain","required":true},"password":{"type":"string","description":"Specifies the password if the monitored target requires authentication","description_kind":"plain","optional":true,"sensitive":true},"probe_count":{"type":"string","description":"the count","description_kind":"plain","optional":true},"receive":{"type":"string","description":"Expected response string.","description_kind":"plain","optional":true},"receive_disable":{"type":"string","description":"Expected response string.","description_kind":"plain","optional":true},"recv_column":{"type":"string","description":"the column","description_kind":"plain","optional":true},"recv_row":{"type":"string","description":"the row","description_kind":"plain","optional":true},"reverse":{"type":"string","description_kind":"plain","optional":true,"computed":true},"send":{"type":"string","description":"Request string to send.","description_kind":"plain","optional":true,"computed":true},"time_until_up":{"type":"number","description":"Time in seconds","description_kind":"plain","optional":true,"computed":true},"timeout":{"type":"number","description":"Timeout in seconds","description_kind":"plain","optional":true,"computed":true},"transparent":{"type":"string","description_kind":"plain","optional":true,"computed":true},"username":{"type":"string","description":"Specifies the user name if the monitored target requires authentication","description_kind":"plain","optional":true}},"description_kind":"plain"}}}}}}
