{"format_version":"0.2","provider_schemas":{"registry.terraform.io/shaowenchen/qingcloud":{"provider":{"version":0,"block":{"attributes":{"access_key":{"type":"string","description":"qingcloud access key ID ","description_kind":"plain","optional":true},"endpoint":{"type":"string","description":"qingcloud api endpoint","description_kind":"plain","optional":true},"secret_key":{"type":"string","description":"qingcloud access key secret","description_kind":"plain","optional":true},"zone":{"type":"string","description":"qingcloud reigon zone","description_kind":"plain","optional":true}},"description_kind":"plain"}},"resource_schemas":{"qingcloud_eip":{"version":0,"block":{"attributes":{"addr":{"type":"string","description_kind":"plain","computed":true},"bandwidth":{"type":"number","description_kind":"plain","required":true},"billing_mode":{"type":"string","description_kind":"plain","optional":true},"description":{"type":"string","description_kind":"plain","optional":true},"id":{"type":"string","description_kind":"plain","optional":true,"computed":true},"name":{"type":"string","description_kind":"plain","optional":true},"need_icp":{"type":"number","description_kind":"plain","optional":true},"resource":{"type":["map","string"],"description_kind":"plain","computed":true},"tag_ids":{"type":["set","string"],"description_kind":"plain","optional":true},"tag_names":{"type":["set","string"],"description_kind":"plain","computed":true}},"description_kind":"plain"}},"qingcloud_instance":{"version":0,"block":{"attributes":{"cpu":{"type":"number","description_kind":"plain","optional":true},"description":{"type":"string","description_kind":"plain","optional":true},"eip_id":{"type":"string","description_kind":"plain","optional":true},"id":{"type":"string","description_kind":"plain","optional":true,"computed":true},"image_id":{"type":"string","description_kind":"plain","required":true},"instance_class":{"type":"number","description_kind":"plain","optional":true},"keypair_ids":{"type":["set","string"],"description_kind":"plain","optional":true,"computed":true},"login_passwd":{"type":"string","description_kind":"plain","optional":true,"sensitive":true},"managed_vxnet_id":{"type":"string","description_kind":"plain","optional":true},"memory":{"type":"number","description_kind":"plain","optional":true},"name":{"type":"string","description_kind":"plain","optional":true},"os_disk_size":{"type":"number","description_kind":"plain","optional":true,"computed":true},"private_ip":{"type":"string","description_kind":"plain","optional":true,"computed":true},"public_ip":{"type":"string","description_kind":"plain","computed":true},"security_group_id":{"type":"string","description_kind":"plain","optional":true,"computed":true},"tag_ids":{"type":["set","string"],"description_kind":"plain","optional":true},"tag_names":{"type":["set","string"],"description_kind":"plain","computed":true},"userdata":{"type":"string","description_kind":"plain","optional":true},"volume_ids":{"type":["set","string"],"description_kind":"plain","optional":true}},"description_kind":"plain"}},"qingcloud_keypair":{"version":0,"block":{"attributes":{"description":{"type":"string","description_kind":"plain","optional":true},"id":{"type":"string","description_kind":"plain","optional":true,"computed":true},"name":{"type":"string","description_kind":"plain","optional":true},"public_key":{"type":"string","description_kind":"plain","required":true},"tag_ids":{"type":["set","string"],"description_kind":"plain","optional":true},"tag_names":{"type":["set","string"],"description_kind":"plain","computed":true}},"description_kind":"plain"}},"qingcloud_loadbalancer":{"version":0,"block":{"attributes":{"description":{"type":"string","description_kind":"plain","optional":true},"eip_ids":{"type":["set","string"],"description_kind":"plain","optional":true},"http_header_size":{"type":"number","description_kind":"plain","optional":true},"id":{"type":"string","description_kind":"plain","optional":true,"computed":true},"name":{"type":"string","description_kind":"plain","optional":true},"node_count":{"type":"number","description_kind":"plain","optional":true,"computed":true},"private_ips":{"type":["set","string"],"description_kind":"plain","optional":true,"computed":true},"security_group_id":{"type":"string","description_kind":"plain","optional":true,"computed":true},"tag_ids":{"type":["set","string"],"description_kind":"plain","optional":true},"tag_names":{"type":["set","string"],"description_kind":"plain","computed":true},"type":{"type":"number","description_kind":"plain","optional":true},"vxnet_id":{"type":"string","description_kind":"plain","optional":true}},"description_kind":"plain"}},"qingcloud_loadbalancer_backend":{"version":0,"block":{"attributes":{"id":{"type":"string","description_kind":"plain","optional":true,"computed":true},"loadbalancer_listener_id":{"type":"string","description_kind":"plain","required":true},"name":{"type":"string","description_kind":"plain","optional":true},"port":{"type":"number","description_kind":"plain","required":true},"resource_id":{"type":"string","description_kind":"plain","required":true},"weight":{"type":"number","description_kind":"plain","optional":true}},"description_kind":"plain"}},"qingcloud_loadbalancer_listener":{"version":0,"block":{"attributes":{"balance_mode":{"type":"string","description_kind":"plain","optional":true},"forwardfor":{"type":"number","description_kind":"plain","optional":true,"computed":true},"healthy_check_method":{"type":"string","description_kind":"plain","optional":true},"healthy_check_option":{"type":"string","description_kind":"plain","optional":true},"id":{"type":"string","description_kind":"plain","optional":true,"computed":true},"listener_option":{"type":"number","description_kind":"plain","optional":true},"listener_port":{"type":"number","description_kind":"plain","required":true},"listener_protocol":{"type":"string","description_kind":"plain","required":true},"load_balancer_id":{"type":"string","description_kind":"plain","required":true},"name":{"type":"string","description_kind":"plain","optional":true},"server_certificate_id":{"type":["set","string"],"description_kind":"plain","optional":true},"session_sticky":{"type":"string","description_kind":"plain","optional":true,"computed":true},"timeout":{"type":"number","description_kind":"plain","optional":true}},"description_kind":"plain"}},"qingcloud_security_group":{"version":0,"block":{"attributes":{"description":{"type":"string","description_kind":"plain","optional":true},"id":{"type":"string","description_kind":"plain","optional":true,"computed":true},"name":{"type":"string","description_kind":"plain","required":true},"tag_ids":{"type":["set","string"],"description_kind":"plain","optional":true},"tag_names":{"type":["set","string"],"description_kind":"plain","computed":true}},"description_kind":"plain"}},"qingcloud_security_group_rule":{"version":0,"block":{"attributes":{"action":{"type":"string","description_kind":"plain","required":true},"cidr_block":{"type":"string","description_kind":"plain","optional":true},"direction":{"type":"number","description_kind":"plain","optional":true},"from_port":{"type":"string","description_kind":"plain","optional":true},"id":{"type":"string","description_kind":"plain","optional":true,"computed":true},"name":{"type":"string","description_kind":"plain","optional":true},"priority":{"type":"number","description_kind":"plain","optional":true},"protocol":{"type":"string","description_kind":"plain","required":true},"security_group_id":{"type":"string","description_kind":"plain","required":true},"to_port":{"type":"string","description_kind":"plain","optional":true}},"description_kind":"plain"}},"qingcloud_server_certificate":{"version":0,"block":{"attributes":{"certificate_content":{"type":"string","description_kind":"plain","optional":true,"computed":true,"sensitive":true},"description":{"type":"string","description_kind":"plain","optional":true},"id":{"type":"string","description_kind":"plain","optional":true,"computed":true},"name":{"type":"string","description_kind":"plain","optional":true},"private_key":{"type":"string","description_kind":"plain","optional":true,"computed":true,"sensitive":true}},"description_kind":"plain"}},"qingcloud_tag":{"version":0,"block":{"attributes":{"color":{"type":"string","description_kind":"plain","optional":true},"description":{"type":"string","description_kind":"plain","optional":true},"id":{"type":"string","description_kind":"plain","optional":true,"computed":true},"name":{"type":"string","description_kind":"plain","required":true}},"description_kind":"plain"}},"qingcloud_volume":{"version":0,"block":{"attributes":{"description":{"type":"string","description_kind":"plain","optional":true},"id":{"type":"string","description_kind":"plain","optional":true,"computed":true},"name":{"type":"string","description_kind":"plain","optional":true},"size":{"type":"number","description_kind":"plain","required":true},"tag_ids":{"type":["set","string"],"description_kind":"plain","optional":true},"tag_names":{"type":["set","string"],"description_kind":"plain","computed":true},"type":{"type":"number","description_kind":"plain","optional":true}},"description_kind":"plain"}},"qingcloud_vpc":{"version":0,"block":{"attributes":{"description":{"type":"string","description_kind":"plain","optional":true},"eip_id":{"type":"string","description_kind":"plain","optional":true},"id":{"type":"string","description_kind":"plain","optional":true,"computed":true},"name":{"type":"string","description_kind":"plain","optional":true},"private_ip":{"type":"string","description_kind":"plain","computed":true},"public_ip":{"type":"string","description_kind":"plain","computed":true},"security_group_id":{"type":"string","description_kind":"plain","required":true},"tag_ids":{"type":["set","string"],"description_kind":"plain","optional":true},"tag_names":{"type":["set","string"],"description_kind":"plain","computed":true},"type":{"type":"number","description_kind":"plain","optional":true},"vpc_network":{"type":"string","description_kind":"plain","required":true}},"description_kind":"plain"}},"qingcloud_vpc_static":{"version":0,"block":{"attributes":{"id":{"type":"string","description_kind":"plain","optional":true,"computed":true},"name":{"type":"string","description_kind":"plain","optional":true},"type":{"type":"number","description_kind":"plain","required":true},"val1":{"type":"string","description_kind":"plain","required":true},"val2":{"type":"string","description_kind":"plain","optional":true,"computed":true},"val3":{"type":"string","description_kind":"plain","optional":true,"computed":true},"val4":{"type":"string","description_kind":"plain","optional":true,"computed":true},"val5":{"type":"string","description_kind":"plain","optional":true,"computed":true},"vpc_id":{"type":"string","description_kind":"plain","required":true}},"description_kind":"plain"}},"qingcloud_vxnet":{"version":0,"block":{"attributes":{"description":{"type":"string","description_kind":"plain","optional":true},"id":{"type":"string","description_kind":"plain","optional":true,"computed":true},"ip_network":{"type":"string","description_kind":"plain","optional":true},"name":{"type":"string","description_kind":"plain","optional":true},"tag_ids":{"type":["set","string"],"description_kind":"plain","optional":true},"tag_names":{"type":["set","string"],"description_kind":"plain","computed":true},"type":{"type":"number","description_kind":"plain","required":true},"vpc_id":{"type":"string","description_kind":"plain","optional":true}},"description_kind":"plain"}}},"data_source_schemas":{"qingcloud_vpn_cert":{"version":0,"block":{"attributes":{"ca_cert":{"type":"string","description_kind":"plain","computed":true},"client_crt":{"type":"string","description_kind":"plain","computed":true},"client_key":{"type":"string","description_kind":"plain","computed":true},"conf_sample":{"type":"string","description_kind":"plain","computed":true},"id":{"type":"string","description_kind":"plain","optional":true,"computed":true},"platform":{"type":"string","description_kind":"plain","optional":true},"router_id":{"type":"string","description_kind":"plain","required":true},"static_key":{"type":"string","description_kind":"plain","computed":true}},"description_kind":"plain"}}}}}}
