{"format_version":"0.2","provider_schemas":{"registry.terraform.io/shipa-corp/ketch":{"provider":{"version":0,"block":{"description_kind":"plain"}},"resource_schemas":{"ketch_app":{"version":0,"block":{"attributes":{"cnames":{"type":["list","string"],"description_kind":"plain","optional":true},"framework":{"type":"string","description_kind":"plain","required":true},"id":{"type":"string","description_kind":"plain","optional":true,"computed":true},"image":{"type":"string","description_kind":"plain","required":true},"name":{"type":"string","description_kind":"plain","required":true},"ports":{"type":["list","number"],"description_kind":"plain","optional":true},"units":{"type":"number","description_kind":"plain","optional":true},"version":{"type":"number","description_kind":"plain","optional":true}},"block_types":{"processes":{"nesting_mode":"list","block":{"attributes":{"cmd":{"type":["list","string"],"description_kind":"plain","optional":true},"name":{"type":"string","description_kind":"plain","optional":true}},"description_kind":"plain"}},"routing_settings":{"nesting_mode":"list","block":{"attributes":{"weight":{"type":"number","description_kind":"plain","optional":true}},"description_kind":"plain"},"max_items":1}},"description_kind":"plain"}},"ketch_framework":{"version":0,"block":{"attributes":{"app_quota_limit":{"type":"number","description_kind":"plain","optional":true},"id":{"type":"string","description_kind":"plain","optional":true,"computed":true},"name":{"type":"string","description_kind":"plain","required":true},"namespace":{"type":"string","description_kind":"plain","optional":true}},"block_types":{"ingress_controller":{"nesting_mode":"list","block":{"attributes":{"class_name":{"type":"string","description_kind":"plain","required":true},"cluster_issuer":{"type":"string","description_kind":"plain","optional":true},"service_endpoint":{"type":"string","description_kind":"plain","required":true},"type":{"type":"string","description_kind":"plain","required":true}},"description_kind":"plain"},"min_items":1,"max_items":1}},"description_kind":"plain"}},"ketch_job":{"version":0,"block":{"attributes":{"backoff_limit":{"type":"number","description_kind":"plain","optional":true},"completions":{"type":"number","description_kind":"plain","optional":true},"description":{"type":"string","description_kind":"plain","optional":true},"framework":{"type":"string","description_kind":"plain","required":true},"id":{"type":"string","description_kind":"plain","optional":true,"computed":true},"name":{"type":"string","description_kind":"plain","required":true},"parallelism":{"type":"number","description_kind":"plain","optional":true},"suspend":{"type":"bool","description_kind":"plain","optional":true},"type":{"type":"string","description_kind":"plain","optional":true},"version":{"type":"string","description_kind":"plain","optional":true}},"block_types":{"containers":{"nesting_mode":"list","block":{"attributes":{"command":{"type":["list","string"],"description_kind":"plain","required":true},"image":{"type":"string","description_kind":"plain","required":true},"name":{"type":"string","description_kind":"plain","required":true}},"description_kind":"plain"}},"policy":{"nesting_mode":"list","block":{"attributes":{"restart_policy":{"type":"string","description_kind":"plain","required":true}},"description_kind":"plain"},"max_items":1}},"description_kind":"plain"}}}}}}
