{"format_version":"0.2","provider_schemas":{"registry.terraform.io/shubhambjadhavar/office365":{"provider":{"version":0,"block":{"attributes":{"client_id":{"type":"string","description_kind":"plain","optional":true},"client_secret":{"type":"string","description_kind":"plain","optional":true},"tenant_id":{"type":"string","description_kind":"plain","optional":true}},"description_kind":"plain"}},"resource_schemas":{"office365_user":{"version":0,"block":{"attributes":{"account_enabled":{"type":"bool","description_kind":"plain","optional":true},"city":{"type":"string","description_kind":"plain","optional":true,"computed":true},"country":{"type":"string","description_kind":"plain","optional":true,"computed":true},"department":{"type":"string","description_kind":"plain","optional":true,"computed":true},"display_name":{"type":"string","description_kind":"plain","required":true},"force_change_password_nextsignin":{"type":"bool","description_kind":"plain","optional":true},"given_name":{"type":"string","description_kind":"plain","optional":true,"computed":true},"id":{"type":"string","description_kind":"plain","optional":true,"computed":true},"job_title":{"type":"string","description_kind":"plain","optional":true,"computed":true},"last_updated":{"type":"string","description_kind":"plain","optional":true,"computed":true},"mail":{"type":"string","description_kind":"plain","optional":true,"computed":true},"mail_nick_name":{"type":"string","description_kind":"plain","optional":true},"mobile_phone":{"type":"string","description_kind":"plain","optional":true,"computed":true},"object_id":{"type":"string","description_kind":"plain","optional":true,"computed":true},"office_location":{"type":"string","description_kind":"plain","optional":true,"computed":true},"password":{"type":"string","description_kind":"plain","optional":true,"sensitive":true},"postal_code":{"type":"string","description_kind":"plain","optional":true,"computed":true},"preferred_language":{"type":"string","description_kind":"plain","optional":true,"computed":true},"proxy_addresses":{"type":"string","description_kind":"plain","optional":true,"computed":true},"state":{"type":"string","description_kind":"plain","optional":true,"computed":true},"street_address":{"type":"string","description_kind":"plain","optional":true,"computed":true},"surname":{"type":"string","description_kind":"plain","optional":true,"computed":true},"usage_location":{"type":"string","description_kind":"plain","optional":true,"computed":true},"user_principal_name":{"type":"string","description_kind":"plain","required":true}},"description_kind":"plain"}},"office365_user_license":{"version":0,"block":{"attributes":{"id":{"type":"string","description_kind":"plain","optional":true,"computed":true},"user_principal_name":{"type":"string","description_kind":"plain","required":true}},"block_types":{"licenses":{"nesting_mode":"set","block":{"attributes":{"disabled_plans":{"type":["set","string"],"description_kind":"plain","optional":true},"skuid":{"type":"string","description_kind":"plain","optional":true}},"description_kind":"plain"}}},"description_kind":"plain"}}},"data_source_schemas":{"office365_user":{"version":0,"block":{"attributes":{"display_name":{"type":"string","description_kind":"plain","computed":true},"given_name":{"type":"string","description_kind":"plain","computed":true},"id":{"type":"string","description_kind":"plain","optional":true,"computed":true},"job_title":{"type":"string","description_kind":"plain","computed":true},"mail":{"type":"string","description_kind":"plain","computed":true},"mail_nick_name":{"type":"string","description_kind":"plain","computed":true},"mobile_phone":{"type":"string","description_kind":"plain","computed":true},"office_location":{"type":"string","description_kind":"plain","computed":true},"preferred_language":{"type":"string","description_kind":"plain","computed":true},"surname":{"type":"string","description_kind":"plain","computed":true},"userprincipalname":{"type":"string","description_kind":"plain","required":true}},"description_kind":"plain"}}}}}}
