{"format_version":"0.2","provider_schemas":{"registry.terraform.io/shubhambjadhavar/expensify":{"provider":{"version":0,"block":{"attributes":{"partner_user_id":{"type":"string","description_kind":"plain","optional":true},"partner_user_secret":{"type":"string","description_kind":"plain","optional":true}},"description_kind":"plain"}},"resource_schemas":{"expensify_employee":{"version":0,"block":{"attributes":{"approval_limit":{"type":"number","description_kind":"plain","optional":true,"computed":true},"approves_to":{"type":"string","description_kind":"plain","optional":true,"computed":true},"employee_email":{"type":"string","description_kind":"plain","required":true},"employee_id":{"type":"string","description_kind":"plain","optional":true,"computed":true},"first_name":{"type":"string","description_kind":"plain","optional":true,"computed":true},"id":{"type":"string","description_kind":"plain","optional":true,"computed":true},"is_terminated":{"type":"bool","description_kind":"plain","computed":true},"last_name":{"type":"string","description_kind":"plain","optional":true,"computed":true},"manager_email":{"type":"string","description_kind":"plain","optional":true,"computed":true},"over_limit_approver":{"type":"string","description_kind":"plain","optional":true,"computed":true},"policy_id":{"type":"string","description_kind":"plain","required":true}},"description_kind":"plain"}},"expensify_policy":{"version":0,"block":{"attributes":{"id":{"type":"string","description_kind":"plain","optional":true,"computed":true},"output_currency":{"type":"string","description_kind":"plain","computed":true},"owner":{"type":"string","description_kind":"plain","computed":true},"plan":{"type":"string","description_kind":"plain","optional":true},"policy_id":{"type":"string","description_kind":"plain","computed":true},"policy_name":{"type":"string","description_kind":"plain","required":true}},"description_kind":"plain"}}},"data_source_schemas":{"expensify_employee":{"version":0,"block":{"attributes":{"approval_limit":{"type":"number","description_kind":"plain","computed":true},"approves_to":{"type":"string","description_kind":"plain","computed":true},"employee_email":{"type":"string","description_kind":"plain","required":true},"employee_id":{"type":"string","description_kind":"plain","computed":true},"id":{"type":"string","description_kind":"plain","optional":true,"computed":true},"manager_email":{"type":"string","description_kind":"plain","computed":true},"over_limit_approver":{"type":"string","description_kind":"plain","computed":true},"policy_id":{"type":"string","description_kind":"plain","required":true},"role":{"type":"string","description_kind":"plain","computed":true}},"description_kind":"plain"}},"expensify_policy":{"version":0,"block":{"attributes":{"id":{"type":"string","description_kind":"plain","optional":true,"computed":true},"output_currency":{"type":"string","description_kind":"plain","computed":true},"owner":{"type":"string","description_kind":"plain","computed":true},"plan":{"type":"string","description_kind":"plain","computed":true},"policy_id":{"type":"string","description_kind":"plain","required":true},"policy_name":{"type":"string","description_kind":"plain","computed":true}},"description_kind":"plain"}}}}}}
