{"format_version":"0.2","provider_schemas":{"registry.terraform.io/shunyeka-spl/conformity":{"provider":{"version":0,"block":{"attributes":{"auth_token":{"type":"string","description_kind":"plain","required":true,"sensitive":true},"region":{"type":"string","description_kind":"plain","optional":true}},"description_kind":"plain"}},"resource_schemas":{"conformity_group":{"version":0,"block":{"attributes":{"id":{"type":"string","description_kind":"plain","optional":true,"computed":true},"last_updated":{"type":"string","description_kind":"plain","optional":true,"computed":true},"name":{"type":"string","description_kind":"plain","required":true},"tags":{"type":["list","string"],"description_kind":"plain","required":true}},"description_kind":"plain"}}},"data_source_schemas":{"conformity_groups":{"version":0,"block":{"attributes":{"groups":{"type":["list",["object",{"attributes_created_date":"number","attributes_last_modified_date":"number","attributes_name":"string","attributes_tags":["list","string"],"id":"string","relationships_accounts_data":["list",["object",{"id":"string","type":"string"}]],"relationships_organisation_data_id":"string","relationships_organisation_data_type":"string","type":"string"}]],"description_kind":"plain","computed":true},"id":{"type":"string","description_kind":"plain","optional":true,"computed":true}},"description_kind":"plain"}}}}}}
