{"format_version":"0.2","provider_schemas":{"registry.terraform.io/sighery/njalla":{"provider":{"version":0,"block":{"attributes":{"api_token":{"type":"string","description":"Njalla API token","description_kind":"plain","required":true}},"description_kind":"plain"}},"resource_schemas":{"njalla_record_a":{"version":0,"block":{"attributes":{"content":{"type":"string","description":"IPv4 address for the record.","description_kind":"plain","required":true},"domain":{"type":"string","description":"Specifies the domain this record will be applied to.","description_kind":"plain","required":true},"id":{"type":"string","description_kind":"plain","optional":true,"computed":true},"name":{"type":"string","description":"Name for the record.","description_kind":"plain","optional":true},"ttl":{"type":"number","description":"TTL for the record.","description_kind":"plain","required":true}},"description_kind":"plain"}},"njalla_record_aaaa":{"version":0,"block":{"attributes":{"content":{"type":"string","description":"IPv6 address for the record.","description_kind":"plain","required":true},"domain":{"type":"string","description":"Specifies the domain this record will be applied to.","description_kind":"plain","required":true},"id":{"type":"string","description_kind":"plain","optional":true,"computed":true},"name":{"type":"string","description":"Name for the record.","description_kind":"plain","optional":true},"ttl":{"type":"number","description":"TTL for the record.","description_kind":"plain","required":true}},"description_kind":"plain"}},"njalla_record_caa":{"version":0,"block":{"attributes":{"content":{"type":"string","description":"Content for the record.","description_kind":"plain","required":true},"domain":{"type":"string","description":"Specifies the domain this record will be applied to.","description_kind":"plain","required":true},"id":{"type":"string","description_kind":"plain","optional":true,"computed":true},"name":{"type":"string","description":"Name for the record.","description_kind":"plain","optional":true},"ttl":{"type":"number","description":"TTL for the record.","description_kind":"plain","required":true}},"description_kind":"plain"}},"njalla_record_cname":{"version":0,"block":{"attributes":{"content":{"type":"string","description":"Content for the record.","description_kind":"plain","required":true},"domain":{"type":"string","description":"Specifies the domain this record will be applied to.","description_kind":"plain","required":true},"id":{"type":"string","description_kind":"plain","optional":true,"computed":true},"name":{"type":"string","description":"Name for the record.","description_kind":"plain","optional":true},"ttl":{"type":"number","description":"TTL for the record.","description_kind":"plain","required":true}},"description_kind":"plain"}},"njalla_record_mx":{"version":0,"block":{"attributes":{"content":{"type":"string","description":"Content for the record.","description_kind":"plain","required":true},"domain":{"type":"string","description":"Specifies the domain this record will be applied to.","description_kind":"plain","required":true},"id":{"type":"string","description_kind":"plain","optional":true,"computed":true},"name":{"type":"string","description":"Name for the record.","description_kind":"plain","optional":true},"priority":{"type":"number","description":"Priority for the record.","description_kind":"plain","required":true},"ttl":{"type":"number","description":"TTL for the record.","description_kind":"plain","required":true}},"description_kind":"plain"}},"njalla_record_naptr":{"version":0,"block":{"attributes":{"content":{"type":"string","description":"Content for the record.","description_kind":"plain","required":true},"domain":{"type":"string","description":"Specifies the domain this record will be applied to.","description_kind":"plain","required":true},"id":{"type":"string","description_kind":"plain","optional":true,"computed":true},"name":{"type":"string","description":"Name for the record.","description_kind":"plain","optional":true},"ttl":{"type":"number","description":"TTL for the record.","description_kind":"plain","required":true}},"description_kind":"plain"}},"njalla_record_ns":{"version":0,"block":{"attributes":{"content":{"type":"string","description":"Content for the record.","description_kind":"plain","required":true},"domain":{"type":"string","description":"Specifies the domain this record will be applied to.","description_kind":"plain","required":true},"id":{"type":"string","description_kind":"plain","optional":true,"computed":true},"name":{"type":"string","description":"Name for the record.","description_kind":"plain","required":true},"ttl":{"type":"number","description":"TTL for the record.","description_kind":"plain","required":true}},"description_kind":"plain"}},"njalla_record_ptr":{"version":0,"block":{"attributes":{"content":{"type":"string","description":"Content for the record.","description_kind":"plain","required":true},"domain":{"type":"string","description":"Specifies the domain this record will be applied to.","description_kind":"plain","required":true},"id":{"type":"string","description_kind":"plain","optional":true,"computed":true},"name":{"type":"string","description":"Name for the record.","description_kind":"plain","optional":true},"ttl":{"type":"number","description":"TTL for the record.","description_kind":"plain","required":true}},"description_kind":"plain"}},"njalla_record_tlsa":{"version":0,"block":{"attributes":{"content":{"type":"string","description":"Content for the record.","description_kind":"plain","required":true},"domain":{"type":"string","description":"Specifies the domain this record will be applied to.","description_kind":"plain","required":true},"id":{"type":"string","description_kind":"plain","optional":true,"computed":true},"name":{"type":"string","description":"Name for the record.","description_kind":"plain","optional":true},"ttl":{"type":"number","description":"TTL for the record.","description_kind":"plain","required":true}},"description_kind":"plain"}},"njalla_record_txt":{"version":0,"block":{"attributes":{"content":{"type":"string","description":"Content for the record.","description_kind":"plain","required":true},"domain":{"type":"string","description":"Specifies the domain this record will be applied to.","description_kind":"plain","required":true},"id":{"type":"string","description_kind":"plain","optional":true,"computed":true},"name":{"type":"string","description":"Name for the record.","description_kind":"plain","optional":true},"ttl":{"type":"number","description":"TTL for the record.","description_kind":"plain","required":true}},"description_kind":"plain"}}}}}}
