{"format_version":"0.2","provider_schemas":{"registry.terraform.io/sigmadigitalza/vercel":{"provider":{"version":0,"block":{"description_kind":"plain"}},"resource_schemas":{"vercel_project":{"version":0,"block":{"attributes":{"build_command":{"type":"string","description_kind":"plain","optional":true},"command_for_ignoring_build_step":{"type":"string","description_kind":"plain","optional":true},"framework":{"type":"string","description_kind":"plain","optional":true},"git_repo":{"type":"string","description_kind":"plain","optional":true},"git_type":{"type":"string","description_kind":"plain","optional":true},"id":{"type":"string","description_kind":"plain","computed":true},"name":{"type":"string","description_kind":"plain","required":true},"output_directory":{"type":"string","description_kind":"plain","optional":true},"root_directory":{"type":"string","description_kind":"plain","optional":true}},"description_kind":"plain"}},"vercel_project_domain":{"version":0,"block":{"attributes":{"domain":{"type":"string","description_kind":"plain","required":true},"id":{"type":"string","description_kind":"plain","optional":true,"computed":true},"name":{"type":"string","description_kind":"plain","required":true},"redirect":{"type":"string","description_kind":"plain","optional":true}},"description_kind":"plain"}},"vercel_project_env":{"version":0,"block":{"attributes":{"id":{"type":"string","description_kind":"plain","computed":true},"key":{"type":"string","description_kind":"plain","required":true},"name":{"type":"string","description_kind":"plain","required":true},"target":{"type":["list","string"],"description_kind":"plain","optional":true},"type":{"type":"string","description_kind":"plain","required":true},"value":{"type":"string","description_kind":"plain","required":true}},"description_kind":"plain"}}}}}}
