{"format_version":"0.2","provider_schemas":{"registry.terraform.io/sigmadigitalza/godaddy-domains":{"provider":{"version":0,"block":{"attributes":{"host":{"type":"string","description_kind":"plain","optional":true},"key":{"type":"string","description_kind":"plain","optional":true},"secret":{"type":"string","description_kind":"plain","optional":true}},"description_kind":"plain"}},"resource_schemas":{"domains_record":{"version":0,"block":{"attributes":{"data":{"type":"string","description_kind":"plain","required":true},"domain":{"type":"string","description_kind":"plain","required":true},"id":{"type":"string","description_kind":"plain","optional":true,"computed":true},"name":{"type":"string","description_kind":"plain","required":true},"ttl":{"type":"number","description_kind":"plain","optional":true,"computed":true},"type":{"type":"string","description_kind":"plain","required":true}},"description_kind":"plain"}}},"data_source_schemas":{"domains_domain":{"version":0,"block":{"attributes":{"domain":{"type":"string","description_kind":"plain","required":true},"id":{"type":"string","description_kind":"plain","optional":true,"computed":true}},"description_kind":"plain"}}}}}}
