{"format_version":"0.2","provider_schemas":{"registry.terraform.io/simple-machines/anaml":{"provider":{"version":0,"block":{"attributes":{"branch":{"type":"string","description_kind":"plain","optional":true},"host":{"type":"string","description_kind":"plain","optional":true},"password":{"type":"string","description_kind":"plain","optional":true,"sensitive":true},"username":{"type":"string","description_kind":"plain","optional":true}},"description_kind":"plain"}},"resource_schemas":{"anaml_entity":{"version":0,"block":{"attributes":{"default_column":{"type":"string","description_kind":"plain","required":true},"description":{"type":"string","description_kind":"plain","required":true},"id":{"type":"string","description_kind":"plain","optional":true,"computed":true},"labels":{"type":["list","string"],"description":"Labels to attach to the object","description_kind":"plain","optional":true},"name":{"type":"string","description_kind":"plain","required":true}},"block_types":{"attribute":{"nesting_mode":"list","block":{"attributes":{"key":{"type":"string","description_kind":"plain","required":true},"value":{"type":"string","description_kind":"plain","optional":true}},"description":"Attributes (key value pairs) to attach to the object","description_kind":"plain"}}},"description_kind":"plain"}},"anaml_entity_mapping":{"version":0,"block":{"attributes":{"from":{"type":"string","description_kind":"plain","required":true},"id":{"type":"string","description_kind":"plain","optional":true,"computed":true},"mapping":{"type":"string","description_kind":"plain","required":true},"to":{"type":"string","description_kind":"plain","required":true}},"description_kind":"plain"}},"anaml_entity_population":{"version":0,"block":{"attributes":{"description":{"type":"string","description_kind":"plain","required":true},"entity":{"type":"string","description":"The type of entity this population describes","description_kind":"plain","required":true},"expression":{"type":"string","description":"The SQL expression which generates the entity population.","description_kind":"plain","required":true},"id":{"type":"string","description_kind":"plain","optional":true,"computed":true},"labels":{"type":["list","string"],"description":"Labels to attach to the object","description_kind":"plain","optional":true},"name":{"type":"string","description_kind":"plain","required":true},"sources":{"type":["list","string"],"description":"Tables upon which this entity population is created","description_kind":"plain","required":true}},"block_types":{"attribute":{"nesting_mode":"list","block":{"attributes":{"key":{"type":"string","description_kind":"plain","required":true},"value":{"type":"string","description_kind":"plain","optional":true}},"description":"Attributes (key value pairs) to attach to the object","description_kind":"plain"}}},"description_kind":"plain"}},"anaml_feature":{"version":0,"block":{"attributes":{"aggregation":{"type":"string","description_kind":"plain","optional":true},"days":{"type":"number","description":"An event window","description_kind":"plain","optional":true},"description":{"type":"string","description_kind":"plain","optional":true},"entity":{"type":"string","description_kind":"plain","optional":true},"entity_restrictions":{"type":["list","string"],"description":"List of entity Id's that the feature is restricted to.","description_kind":"plain","optional":true},"filter":{"type":"string","description":"An SQL column expression to filter with","description_kind":"plain","optional":true},"id":{"type":"string","description_kind":"plain","optional":true,"computed":true},"labels":{"type":["list","string"],"description":"Labels to attach to the object","description_kind":"plain","optional":true},"name":{"type":"string","description_kind":"plain","required":true},"over":{"type":["list","string"],"description":"A list of Features this row feature depends on","description_kind":"plain","optional":true},"post_aggregation":{"type":"string","description":"An SQL expression to apply to the result of the feature aggregation.","description_kind":"plain","optional":true},"rows":{"type":"number","description":"An event window","description_kind":"plain","optional":true},"select":{"type":"string","description":"An SQL expression for the column to aggregate","description_kind":"plain","required":true},"table":{"type":"string","description":"A reference to a Table ID the feature is derived from","description_kind":"plain","optional":true},"template":{"type":"string","description_kind":"plain","optional":true}},"block_types":{"attribute":{"nesting_mode":"list","block":{"attributes":{"key":{"type":"string","description_kind":"plain","required":true},"value":{"type":"string","description_kind":"plain","optional":true}},"description":"Attributes (key value pairs) to attach to the object","description_kind":"plain"}}},"description_kind":"plain"}},"anaml_feature_set":{"version":0,"block":{"attributes":{"description":{"type":"string","description_kind":"plain","optional":true},"entity":{"type":"string","description_kind":"plain","required":true},"features":{"type":["set","string"],"description":"Features to include in the feature set","description_kind":"plain","required":true},"id":{"type":"string","description_kind":"plain","optional":true,"computed":true},"labels":{"type":["list","string"],"description":"Labels to attach to the object","description_kind":"plain","optional":true},"name":{"type":"string","description_kind":"plain","required":true}},"block_types":{"attribute":{"nesting_mode":"list","block":{"attributes":{"key":{"type":"string","description_kind":"plain","required":true},"value":{"type":"string","description_kind":"plain","optional":true}},"description":"Attributes (key value pairs) to attach to the object","description_kind":"plain"}}},"description_kind":"plain"}},"anaml_feature_template":{"version":0,"block":{"attributes":{"aggregation":{"type":"string","description_kind":"plain","optional":true},"days":{"type":"number","description":"An event window","description_kind":"plain","optional":true},"description":{"type":"string","description_kind":"plain","optional":true},"entity":{"type":"string","description_kind":"plain","optional":true},"entity_restrictions":{"type":["list","string"],"description":"List of entity Id's that the feature is restricted to.","description_kind":"plain","optional":true},"filter":{"type":"string","description":"An SQL column expression to filter with","description_kind":"plain","optional":true},"id":{"type":"string","description_kind":"plain","optional":true,"computed":true},"labels":{"type":["list","string"],"description":"Labels to attach to the object","description_kind":"plain","optional":true},"name":{"type":"string","description_kind":"plain","required":true},"over":{"type":["list","string"],"description":"A list of Features this row feature depends on","description_kind":"plain","optional":true},"post_aggregation":{"type":"string","description":"An SQL expression to apply to the result of the feature aggregation.","description_kind":"plain","optional":true},"rows":{"type":"number","description":"An event window","description_kind":"plain","optional":true},"select":{"type":"string","description":"An SQL expression for the column to aggregate","description_kind":"plain","required":true},"table":{"type":"string","description":"A reference to a Table ID the feature is derived from","description_kind":"plain","optional":true}},"block_types":{"attribute":{"nesting_mode":"list","block":{"attributes":{"key":{"type":"string","description_kind":"plain","required":true},"value":{"type":"string","description_kind":"plain","optional":true}},"description":"Attributes (key value pairs) to attach to the object","description_kind":"plain"}}},"description_kind":"plain"}},"anaml_table":{"version":0,"block":{"attributes":{"description":{"type":"string","description_kind":"plain","optional":true},"entity_mapping":{"type":"string","description_kind":"plain","optional":true},"expression":{"type":"string","description_kind":"plain","optional":true},"extra_features":{"type":["list","string"],"description":"Tables upon which this view is created","description_kind":"plain","optional":true},"id":{"type":"string","description_kind":"plain","optional":true,"computed":true},"labels":{"type":["list","string"],"description":"Labels to attach to the object","description_kind":"plain","optional":true},"name":{"type":"string","description_kind":"plain","required":true},"sources":{"type":["list","string"],"description":"Tables upon which this view is created","description_kind":"plain","optional":true}},"block_types":{"attribute":{"nesting_mode":"list","block":{"attributes":{"key":{"type":"string","description_kind":"plain","required":true},"value":{"type":"string","description_kind":"plain","optional":true}},"description":"Attributes (key value pairs) to attach to the object","description_kind":"plain"}},"event":{"nesting_mode":"list","block":{"attributes":{"entities":{"type":["map","string"],"description_kind":"plain","required":true},"timestamp_column":{"type":"string","description_kind":"plain","required":true},"timezone":{"type":"string","description_kind":"plain","optional":true}},"description_kind":"plain"},"max_items":1},"source":{"nesting_mode":"list","block":{"attributes":{"folder":{"type":"string","description_kind":"plain","optional":true},"source":{"type":"string","description_kind":"plain","required":true},"table_name":{"type":"string","description_kind":"plain","optional":true},"topic":{"type":"string","description_kind":"plain","optional":true}},"description_kind":"plain"},"max_items":1}},"description_kind":"plain"}}},"data_source_schemas":{"anaml_entity":{"version":0,"block":{"attributes":{"description":{"type":"string","description_kind":"plain","computed":true},"id":{"type":"string","description_kind":"plain","optional":true,"computed":true},"name":{"type":"string","description_kind":"plain","required":true}},"description_kind":"plain"}},"anaml_entity_population":{"version":0,"block":{"attributes":{"description":{"type":"string","description_kind":"plain","computed":true},"id":{"type":"string","description_kind":"plain","optional":true,"computed":true},"name":{"type":"string","description_kind":"plain","required":true}},"description_kind":"plain"}},"anaml_feature":{"version":0,"block":{"attributes":{"description":{"type":"string","description_kind":"plain","computed":true},"id":{"type":"string","description_kind":"plain","optional":true,"computed":true},"name":{"type":"string","description_kind":"plain","required":true}},"description_kind":"plain"}},"anaml_feature_set":{"version":0,"block":{"attributes":{"description":{"type":"string","description_kind":"plain","computed":true},"id":{"type":"string","description_kind":"plain","optional":true,"computed":true},"name":{"type":"string","description_kind":"plain","required":true}},"description_kind":"plain"}},"anaml_feature_template":{"version":0,"block":{"attributes":{"description":{"type":"string","description_kind":"plain","computed":true},"id":{"type":"string","description_kind":"plain","optional":true,"computed":true},"name":{"type":"string","description_kind":"plain","required":true}},"description_kind":"plain"}},"anaml_table":{"version":0,"block":{"attributes":{"description":{"type":"string","description_kind":"plain","computed":true},"id":{"type":"string","description_kind":"plain","optional":true,"computed":true},"name":{"type":"string","description_kind":"plain","required":true}},"description_kind":"plain"}}}}}}
