{"format_version":"0.2","provider_schemas":{"registry.terraform.io/simplesurance/bunny":{"provider":{"version":0,"block":{"attributes":{"api_key":{"type":"string","description":"The bunny.net API Key.","description_kind":"markdown","optional":true,"sensitive":true}},"description_kind":"plain"}},"resource_schemas":{"bunny_edgerule":{"version":0,"block":{"attributes":{"action_parameter_1":{"type":"string","description":"The Action parameter 1. The value depends on other parameters of the edge rule.","description_kind":"markdown","optional":true},"action_parameter_2":{"type":"string","description":"The Action parameter 2. The value depends on other parameters of the edge rule.","description_kind":"markdown","optional":true},"action_type":{"type":"string","description":"The action type of the Edge Rule.\nValid values: block_request, disable_optimizer, disable_token_auth, enable_token_auth, force_compression, force_download, force_ssl, ignore_quiery_string, origin_url, override_cache_time, override_cache_time_public, redirect, set_request_header, set_response_header","description_kind":"markdown","required":true},"description":{"type":"string","description":"The description of the Edge Rule. This field is used internally by Terraform bunny-provider.","description_kind":"markdown","computed":true},"enabled":{"type":"bool","description":"Determines if the edge rule is currently enabled or not.","description_kind":"markdown","optional":true},"id":{"type":"string","description_kind":"plain","optional":true,"computed":true},"pull_zone_id":{"type":"number","description":"The ID of the Pull Zone to that Edge Rule belongs.","description_kind":"markdown","required":true},"trigger_matching_type":{"type":"string","description":"The trigger matching type.\nValid values: all, any, none","description_kind":"markdown","optional":true}},"block_types":{"trigger":{"nesting_mode":"set","block":{"attributes":{"parameter_1":{"type":"string","description":"The trigger parameter 1. The value depends on the type of trigger.","description_kind":"markdown","optional":true},"pattern_matches":{"type":["set","string"],"description":"The list of pattern matches that will trigger the edge rule.","description_kind":"markdown","optional":true},"pattern_matching_type":{"type":"string","description":"The type of pattern matching.\nValid values: all, any, none","description_kind":"markdown","required":true},"type":{"type":"string","description":"The type of the Trigger.\nValid values: country_code, query_string, random_chance, remote_ip, request_header, response_header, url, url_extensions","description_kind":"markdown","required":true}},"description_kind":"plain"},"min_items":1,"max_items":5}},"description_kind":"plain"}},"bunny_pullzone":{"version":0,"block":{"attributes":{"access_control_origin_header_extensions":{"type":["set","string"],"description":"List of extensions that will return the CORS headers.","description_kind":"markdown","optional":true,"computed":true},"add_canonical_header":{"type":"bool","description":"Determines if the canonical header should be added by this zone.","description_kind":"markdown","optional":true},"add_host_header":{"type":"bool","description":"Determines if the zone should forward the requested host header to the origin.","description_kind":"markdown","optional":true},"allowed_referrers":{"type":["set","string"],"description":"Sets the list of referrer hostnames that are allowed to access the Pull Zone. Requests containing the header Referer: hostname that is not on the list will be rejected. If empty, all the referrers are allowed.","description_kind":"markdown","optional":true},"aws_signing_enabled":{"type":"bool","description":"Determines if the AWS signing should be enabled or not.","description_kind":"markdown","optional":true},"aws_signing_key":{"type":"string","description":"AWS Signing Key","description_kind":"markdown","optional":true},"aws_signing_region_name":{"type":"string","description_kind":"plain","optional":true},"aws_signing_secret":{"type":"string","description_kind":"plain","optional":true,"sensitive":true},"block_post_requests":{"type":"bool","description_kind":"plain","optional":true},"block_root_path_access":{"type":"bool","description":"Determines if the zone should block requests to the root of the zone.","description_kind":"markdown","optional":true},"blocked_countries":{"type":["set","string"],"description":"Sets the list of two letter Alpha2 country codes that will be blocked from accessing the zone.","description_kind":"markdown","optional":true},"blocked_ips":{"type":["set","string"],"description":"Sets the list of IPs that are blocked from accessing the Pull Zone. Requests coming from the following IPs will be rejected. If empty, all the IPs will be allowed.","description_kind":"markdown","optional":true},"blocked_referrers":{"type":["set","string"],"description":"The list of hostnames that will be blocked from accessing the Pull Zone.","description_kind":"markdown","optional":true,"computed":true},"budget_redirected_countries":{"type":["set","string"],"description":"Sets the list of two letter Alpha2 country codes that will be redirected to the cheapest possible region.","description_kind":"markdown","optional":true},"cache_control_browser_max_age_override":{"type":"number","description":"Sets the browser cache control override setting for this zone.","description_kind":"markdown","optional":true},"cache_control_max_age_override":{"type":"number","description":"Sets the cache control override setting for this zone.","description_kind":"markdown","optional":true},"cname_domain":{"type":"string","description":"The CNAME domain of the Pull Zone for setting up custom hostnames.","description_kind":"markdown","computed":true},"connection_limit_per_ip_count":{"type":"number","description":"Determines the maximum number of connections per IP that will be allowed to connect to this Pull Zone.","description_kind":"markdown","optional":true},"disable_cookies":{"type":"bool","description":"Determines if the Pull Zone should automatically remove cookies from the responses.","description_kind":"markdown","optional":true},"enable_access_control_origin_header":{"type":"bool","description":"Determines if CORS headers should be enabled.","description_kind":"markdown","optional":true},"enable_avif_vary":{"type":"bool","description":"Determines if the AVIF Vary feature should be enabled..","description_kind":"markdown","optional":true},"enable_cache_slice":{"type":"bool","description":"Determines if cache slicing (Optimize for video) should be enabled for this zone.","description_kind":"markdown","optional":true},"enable_country_code_vary":{"type":"bool","description":"Determines if the Country Code Vary feature should be enabled.","description_kind":"markdown","optional":true},"enable_geo_zone_af":{"type":"bool","description":"Serve data from the Middle East \u0026 Africa Zone.","description_kind":"markdown","computed":true},"enable_geo_zone_asia":{"type":"bool","description":"Serve data from the Asia \u0026 Oceania Zone.","description_kind":"markdown","computed":true},"enable_geo_zone_eu":{"type":"bool","description":"Serve data from the Europe Zone.","description_kind":"markdown","computed":true},"enable_geo_zone_sa":{"type":"bool","description":"Serve data from the South America Zone.","description_kind":"markdown","computed":true},"enable_geo_zone_us":{"type":"bool","description":"Serve data from the US Zone.","description_kind":"markdown","computed":true},"enable_hostname_vary":{"type":"bool","description":"Determines if the Hostname Vary feature should be enabled.","description_kind":"markdown","optional":true},"enable_logging":{"type":"bool","description":"Determines if the logging should be enabled for this zone.","description_kind":"markdown","optional":true},"enable_mobile_vary":{"type":"bool","description":"Determines if the Mobile Vary feature is enabled.","description_kind":"markdown","optional":true},"enable_origin_shield":{"type":"bool","description":"Determines if the origin shield should be enabled.","description_kind":"markdown","optional":true},"enable_tls1_1":{"type":"bool","description":"Determines if the TLS 1.1 should be enabled on this zone.","description_kind":"markdown","optional":true},"enable_tlsv1":{"type":"bool","description":"Determines if the TLS 1 should be enabled on this zone.","description_kind":"markdown","optional":true},"enable_webp_vary":{"type":"bool","description":"Determines if the WebP Vary feature should be enabled.","description_kind":"markdown","optional":true},"enabled":{"type":"bool","description_kind":"plain","computed":true},"error_page_custom_code":{"type":"string","description":"Contains the custom error page code that will be returned","description_kind":"markdown","optional":true},"error_page_enable_custom_code":{"type":"bool","description":"Determines if custom error page code should be enabled.","description_kind":"markdown","optional":true},"error_page_enable_statuspage_widget":{"type":"bool","description":"Determines if the statuspage widget should be displayed on the error pages.","description_kind":"markdown","optional":true},"error_page_statuspage_code":{"type":"string","description":"The statuspage code that will be used to build the status widget.","description_kind":"markdown","optional":true},"error_page_whitelabel":{"type":"bool","description":"Determines if the error pages should be whitelabel or not.","description_kind":"markdown","optional":true},"follow_redirects":{"type":"bool","description":"Determines if the zone should follow redirects return by the oprigin and cache the response.","description_kind":"markdown","optional":true},"id":{"type":"string","description_kind":"plain","optional":true,"computed":true},"ignore_query_strings":{"type":"bool","description":"Determines if the Pull Zone should ignore query strings when serving cached objects (Vary by Query String).","description_kind":"markdown","optional":true},"last_updated":{"type":"string","description_kind":"plain","computed":true},"log_forwarding_enabled":{"type":"bool","description_kind":"plain","optional":true},"log_forwarding_hostname":{"type":"string","description":"Sets the log forwarding destination hostname for the zone.","description_kind":"markdown","optional":true},"log_forwarding_port":{"type":"number","description":"Sets the log forwarding port for the zone.","description_kind":"markdown","optional":true},"log_forwarding_token":{"type":"string","description":"Sets the log forwarding token for the zone.","description_kind":"markdown","optional":true,"sensitive":true},"logging_ip_anonymization_enabled":{"type":"bool","description":"Determines if the log anonoymization should be enabled. The field can only be set if the DPA agreement was set in the webinterface.","description_kind":"markdown","optional":true},"logging_save_to_storage":{"type":"bool","description":"Determines if the logging permanent storage should be enabled.","description_kind":"markdown","optional":true},"logging_storage_zone_id":{"type":"number","description":"Sets the Storage Zone id that should contain the logs from this Pull Zone.","description_kind":"markdown","optional":true},"monthly_bandwidth_limit":{"type":"number","description":"Sets the monthly limit of bandwidth in bytes that the pullzone is allowed to use.","description_kind":"markdown","optional":true},"name":{"type":"string","description":"The name of the Pull Zone.","description_kind":"markdown","required":true},"optimizer_automatic_optimization_enabled":{"type":"bool","description":"Determines if the automatic image optimization should be enabled.","description_kind":"markdown","optional":true},"optimizer_desktop_max_width":{"type":"number","description":"Determines if the automatic image optimization should be enabled.","description_kind":"markdown","optional":true},"optimizer_enable_webp":{"type":"bool","description":"Determines if the WebP optimization should be enabled.","description_kind":"markdown","optional":true},"optimizer_enabled":{"type":"bool","description":"Determines if the optimizer should be enabled for this zone.","description_kind":"markdown","optional":true},"optimizer_image_quality":{"type":"number","description":"Determines the image quality for desktop clients.","description_kind":"markdown","optional":true},"optimizer_minify_css":{"type":"bool","description":"Determines if the CSS minifcation should be enabled.","description_kind":"markdown","optional":true},"optimizer_minify_javascript":{"type":"bool","description":"Determines if the JavaScript minifcation should be enabled.","description_kind":"markdown","optional":true},"optimizer_mobile_image_quality":{"type":"number","description":"Determines the image quality for mobile clients.","description_kind":"markdown","optional":true},"optimizer_mobile_max_width":{"type":"number","description":"Determines the maximum automatic image size for mobile clients.","description_kind":"markdown","optional":true},"optimizer_watermark_enabled":{"type":"bool","description":"Determines if image watermarking should be enabled.","description_kind":"markdown","optional":true},"optimizer_watermark_min_image_size":{"type":"number","description":"Sets the minimum image size to which the watermark will be added.","description_kind":"markdown","optional":true},"optimizer_watermark_offset":{"type":"number","description":"Sets the offset of the watermark image.","description_kind":"markdown","optional":true},"optimizer_watermark_position":{"type":"number","description":"Sets the position of the watermark image.","description_kind":"markdown","optional":true},"optimizer_watermark_url":{"type":"string","description":"Sets the URL of the watermark image.","description_kind":"markdown","optional":true},"optimizier_enable_manipulation_engine":{"type":"bool","description":"Determines if the image manipulation should be enabled.","description_kind":"markdown","optional":true},"origin_shield_zone_code":{"type":"string","description":"Determines the zone code where the origin shield should be set up.","description_kind":"markdown","optional":true},"origin_url":{"type":"string","description":"The origin URL of the Pull Zone where the files are fetched from.","description_kind":"markdown","required":true},"perma_cache_storage_zone_id":{"type":"number","description":"The ID of the storage zone that should be used as the Perma-Cache.","description_kind":"markdown","optional":true},"request_limit":{"type":"number","description":"Determines the maximum number of requests per second that will be allowed to connect to this Pull Zone.","description_kind":"markdown","optional":true},"storage_zone_id":{"type":"number","description":"The ID of the storage zone that the Pull Zone is linked to.","description_kind":"markdown","optional":true},"type":{"type":"number","description":"The type of the Pull Zone. Standard = 0, Volume = 1.","description_kind":"markdown","optional":true},"verify_origin_ssl":{"type":"bool","description":"Determines if the SSL certificate should be verified when connecting to the origin.","description_kind":"markdown","optional":true},"video_library_id":{"type":"number","description":"The ID of the video library that the zone is linked to.","description_kind":"markdown","computed":true},"zone_security_enabled":{"type":"bool","description_kind":"plain","optional":true},"zone_security_include_hash_remote_ip":{"type":"bool","description_kind":"plain","optional":true},"zone_security_key":{"type":"string","description_kind":"plain","computed":true,"sensitive":true}},"description_kind":"plain"}}}}}}
