{"format_version":"0.2","provider_schemas":{"registry.terraform.io/simple-machines/anaml-operations":{"provider":{"version":0,"block":{"attributes":{"host":{"type":"string","description_kind":"plain","optional":true},"password":{"type":"string","description_kind":"plain","optional":true,"sensitive":true},"username":{"type":"string","description_kind":"plain","optional":true}},"description_kind":"plain"}},"resource_schemas":{"anaml-operations_branch_protection":{"version":0,"block":{"attributes":{"allow_branch_deletion":{"type":"bool","description_kind":"plain","required":true},"apply_to_admins":{"type":"bool","description_kind":"plain","required":true},"id":{"type":"string","description_kind":"plain","optional":true,"computed":true},"protection_pattern":{"type":"string","description_kind":"plain","required":true}},"block_types":{"merge_approval_rules":{"nesting_mode":"list","block":{"block_types":{"open":{"nesting_mode":"list","block":{"attributes":{"num_required_approvals":{"type":"number","description_kind":"plain","required":true}},"description_kind":"plain"},"max_items":1},"restricted":{"nesting_mode":"list","block":{"attributes":{"num_required_approvals":{"type":"number","description_kind":"plain","required":true}},"block_types":{"approvers":{"nesting_mode":"list","block":{"block_types":{"user":{"nesting_mode":"list","block":{"attributes":{"id":{"type":"number","description_kind":"plain","required":true}},"description_kind":"plain"},"max_items":1},"user_group":{"nesting_mode":"list","block":{"attributes":{"id":{"type":"number","description_kind":"plain","required":true}},"description_kind":"plain"},"max_items":1}},"description_kind":"plain"},"min_items":1}},"description_kind":"plain"},"max_items":1}},"description_kind":"plain"},"min_items":1},"push_whitelist":{"nesting_mode":"list","block":{"block_types":{"user":{"nesting_mode":"list","block":{"attributes":{"id":{"type":"number","description_kind":"plain","required":true}},"description_kind":"plain"},"max_items":1},"user_group":{"nesting_mode":"list","block":{"attributes":{"id":{"type":"number","description_kind":"plain","required":true}},"description_kind":"plain"},"max_items":1}},"description_kind":"plain"},"min_items":1}},"description_kind":"plain"}},"anaml-operations_caching":{"version":0,"block":{"attributes":{"cluster":{"type":"string","description_kind":"plain","required":true},"description":{"type":"string","description_kind":"plain","optional":true},"id":{"type":"string","description_kind":"plain","optional":true,"computed":true},"name":{"type":"string","description_kind":"plain","required":true},"prefix_url":{"type":"string","description_kind":"plain","required":true}},"block_types":{"cron_schedule":{"nesting_mode":"list","block":{"attributes":{"cron_string":{"type":"string","description_kind":"plain","required":true}},"block_types":{"fixed_retry_policy":{"nesting_mode":"list","block":{"attributes":{"backoff":{"type":"string","description_kind":"plain","required":true},"max_attempts":{"type":"number","description_kind":"plain","required":true}},"description_kind":"plain"},"max_items":1}},"description_kind":"plain"},"max_items":1},"daily_schedule":{"nesting_mode":"list","block":{"attributes":{"start_time_of_day":{"type":"string","description_kind":"plain","optional":true}},"block_types":{"fixed_retry_policy":{"nesting_mode":"list","block":{"attributes":{"backoff":{"type":"string","description_kind":"plain","required":true},"max_attempts":{"type":"number","description_kind":"plain","required":true}},"description_kind":"plain"},"max_items":1}},"description_kind":"plain"},"max_items":1},"spec":{"nesting_mode":"list","block":{"attributes":{"entity":{"type":"number","description_kind":"plain","required":true},"table":{"type":"number","description_kind":"plain","required":true}},"description":"Table and entity specifications to cache with this job","description_kind":"plain"}}},"description_kind":"plain"}},"anaml-operations_cluster":{"version":0,"block":{"attributes":{"description":{"type":"string","description_kind":"plain","required":true},"id":{"type":"string","description_kind":"plain","optional":true,"computed":true},"is_preview_cluster":{"type":"bool","description_kind":"plain","required":true},"labels":{"type":["list","string"],"description":"Labels to attach to the object","description_kind":"plain","optional":true},"name":{"type":"string","description_kind":"plain","required":true}},"block_types":{"attribute":{"nesting_mode":"list","block":{"attributes":{"key":{"type":"string","description_kind":"plain","required":true},"value":{"type":"string","description_kind":"plain","optional":true}},"description":"Attributes (key value pairs) to attach to the object","description_kind":"plain"}},"local":{"nesting_mode":"list","block":{"attributes":{"anaml_server_url":{"type":"string","description_kind":"plain","required":true}},"block_types":{"aws":{"nesting_mode":"list","block":{"attributes":{"password_secret_id":{"type":"string","description_kind":"plain","required":true},"username":{"type":"string","description_kind":"plain","required":true}},"description_kind":"plain"},"max_items":1},"basic":{"nesting_mode":"list","block":{"attributes":{"password":{"type":"string","description_kind":"plain","required":true},"username":{"type":"string","description_kind":"plain","required":true}},"description_kind":"plain"},"max_items":1},"gcp":{"nesting_mode":"list","block":{"attributes":{"password_secret_id":{"type":"string","description_kind":"plain","required":true},"password_secret_project":{"type":"string","description_kind":"plain","required":true},"username":{"type":"string","description_kind":"plain","required":true}},"description_kind":"plain"},"max_items":1}},"description_kind":"plain"},"max_items":1},"spark_config":{"nesting_mode":"list","block":{"attributes":{"additional_spark_properties":{"type":["map","string"],"description_kind":"plain","optional":true},"enable_hive_support":{"type":"bool","description_kind":"plain","required":true},"hive_metastore_url":{"type":"string","description_kind":"plain","optional":true}},"description_kind":"plain"},"min_items":1,"max_items":1},"spark_server":{"nesting_mode":"list","block":{"attributes":{"spark_server_url":{"type":"string","description_kind":"plain","required":true}},"description_kind":"plain"},"max_items":1}},"description_kind":"plain"}},"anaml-operations_destination":{"version":0,"block":{"attributes":{"description":{"type":"string","description_kind":"plain","required":true},"id":{"type":"string","description_kind":"plain","optional":true,"computed":true},"labels":{"type":["list","string"],"description":"Labels to attach to the object","description_kind":"plain","optional":true},"name":{"type":"string","description_kind":"plain","required":true}},"block_types":{"attribute":{"nesting_mode":"list","block":{"attributes":{"key":{"type":"string","description_kind":"plain","required":true},"value":{"type":"string","description_kind":"plain","optional":true}},"description":"Attributes (key value pairs) to attach to the object","description_kind":"plain"}},"big_query":{"nesting_mode":"list","block":{"attributes":{"path":{"type":"string","description_kind":"plain","required":true}},"block_types":{"persistent_staging_area":{"nesting_mode":"list","block":{"attributes":{"bucket":{"type":"string","description_kind":"plain","required":true},"path":{"type":"string","description_kind":"plain","required":true}},"description_kind":"plain"},"max_items":1},"temporary_staging_area":{"nesting_mode":"list","block":{"attributes":{"bucket":{"type":"string","description_kind":"plain","required":true}},"description_kind":"plain"},"max_items":1}},"description_kind":"plain"},"max_items":1},"gcs":{"nesting_mode":"list","block":{"attributes":{"bucket":{"type":"string","description_kind":"plain","required":true},"compression":{"type":"string","description_kind":"plain","optional":true},"date_format":{"type":"string","description_kind":"plain","optional":true},"field_separator":{"type":"string","description_kind":"plain","optional":true},"file_format":{"type":"string","description_kind":"plain","required":true},"ignore_leading_whitespace":{"type":"bool","description_kind":"plain","optional":true},"ignore_trailing_whitespace":{"type":"bool","description_kind":"plain","optional":true},"include_header":{"type":"bool","description_kind":"plain","optional":true},"path":{"type":"string","description_kind":"plain","required":true},"quote_all":{"type":"bool","description_kind":"plain","optional":true},"timestamp_format":{"type":"string","description_kind":"plain","optional":true}},"description_kind":"plain"},"max_items":1},"hdfs":{"nesting_mode":"list","block":{"attributes":{"compression":{"type":"string","description_kind":"plain","optional":true},"date_format":{"type":"string","description_kind":"plain","optional":true},"field_separator":{"type":"string","description_kind":"plain","optional":true},"file_format":{"type":"string","description_kind":"plain","required":true},"ignore_leading_whitespace":{"type":"bool","description_kind":"plain","optional":true},"ignore_trailing_whitespace":{"type":"bool","description_kind":"plain","optional":true},"include_header":{"type":"bool","description_kind":"plain","optional":true},"path":{"type":"string","description_kind":"plain","required":true},"quote_all":{"type":"bool","description_kind":"plain","optional":true},"timestamp_format":{"type":"string","description_kind":"plain","optional":true}},"description_kind":"plain"},"max_items":1},"hive":{"nesting_mode":"list","block":{"attributes":{"database":{"type":"string","description_kind":"plain","required":true}},"description_kind":"plain"},"max_items":1},"jdbc":{"nesting_mode":"list","block":{"attributes":{"schema":{"type":"string","description_kind":"plain","required":true},"url":{"type":"string","description_kind":"plain","required":true}},"block_types":{"credentials_provider":{"nesting_mode":"list","block":{"block_types":{"aws":{"nesting_mode":"list","block":{"attributes":{"password_secret_id":{"type":"string","description_kind":"plain","required":true},"username":{"type":"string","description_kind":"plain","required":true}},"description_kind":"plain"},"max_items":1},"basic":{"nesting_mode":"list","block":{"attributes":{"password":{"type":"string","description_kind":"plain","required":true},"username":{"type":"string","description_kind":"plain","required":true}},"description_kind":"plain"},"max_items":1},"gcp":{"nesting_mode":"list","block":{"attributes":{"password_secret_id":{"type":"string","description_kind":"plain","required":true},"password_secret_project":{"type":"string","description_kind":"plain","required":true},"username":{"type":"string","description_kind":"plain","required":true}},"description_kind":"plain"},"max_items":1}},"description_kind":"plain"},"max_items":1}},"description_kind":"plain"},"max_items":1},"kafka":{"nesting_mode":"list","block":{"attributes":{"bootstrap_servers":{"type":"string","description_kind":"plain","required":true},"schema_registry_url":{"type":"string","description_kind":"plain","required":true}},"block_types":{"property":{"nesting_mode":"list","block":{"attributes":{"key":{"type":"string","description_kind":"plain","required":true},"value":{"type":"string","description_kind":"plain","optional":true}},"block_types":{"aws":{"nesting_mode":"list","block":{"attributes":{"secret_id":{"type":"string","description_kind":"plain","required":true}},"description_kind":"plain"},"max_items":1},"gcp":{"nesting_mode":"list","block":{"attributes":{"secret_id":{"type":"string","description_kind":"plain","required":true},"secret_project":{"type":"string","description_kind":"plain","required":true}},"description_kind":"plain"},"max_items":1}},"description_kind":"plain"}}},"description_kind":"plain"},"max_items":1},"local":{"nesting_mode":"list","block":{"attributes":{"compression":{"type":"string","description_kind":"plain","optional":true},"date_format":{"type":"string","description_kind":"plain","optional":true},"field_separator":{"type":"string","description_kind":"plain","optional":true},"file_format":{"type":"string","description_kind":"plain","required":true},"ignore_leading_whitespace":{"type":"bool","description_kind":"plain","optional":true},"ignore_trailing_whitespace":{"type":"bool","description_kind":"plain","optional":true},"include_header":{"type":"bool","description_kind":"plain","optional":true},"path":{"type":"string","description_kind":"plain","required":true},"quote_all":{"type":"bool","description_kind":"plain","optional":true},"timestamp_format":{"type":"string","description_kind":"plain","optional":true}},"description_kind":"plain"},"max_items":1},"s3":{"nesting_mode":"list","block":{"attributes":{"bucket":{"type":"string","description_kind":"plain","required":true},"compression":{"type":"string","description_kind":"plain","optional":true},"date_format":{"type":"string","description_kind":"plain","optional":true},"field_separator":{"type":"string","description_kind":"plain","optional":true},"file_format":{"type":"string","description_kind":"plain","required":true},"ignore_leading_whitespace":{"type":"bool","description_kind":"plain","optional":true},"ignore_trailing_whitespace":{"type":"bool","description_kind":"plain","optional":true},"include_header":{"type":"bool","description_kind":"plain","optional":true},"path":{"type":"string","description_kind":"plain","required":true},"quote_all":{"type":"bool","description_kind":"plain","optional":true},"timestamp_format":{"type":"string","description_kind":"plain","optional":true}},"description_kind":"plain"},"max_items":1},"s3a":{"nesting_mode":"list","block":{"attributes":{"access_key":{"type":"string","description_kind":"plain","required":true},"bucket":{"type":"string","description_kind":"plain","required":true},"compression":{"type":"string","description_kind":"plain","optional":true},"date_format":{"type":"string","description_kind":"plain","optional":true},"endpoint":{"type":"string","description_kind":"plain","required":true},"field_separator":{"type":"string","description_kind":"plain","optional":true},"file_format":{"type":"string","description_kind":"plain","required":true},"ignore_leading_whitespace":{"type":"bool","description_kind":"plain","optional":true},"ignore_trailing_whitespace":{"type":"bool","description_kind":"plain","optional":true},"include_header":{"type":"bool","description_kind":"plain","optional":true},"path":{"type":"string","description_kind":"plain","required":true},"quote_all":{"type":"bool","description_kind":"plain","optional":true},"secret_key":{"type":"string","description_kind":"plain","required":true},"timestamp_format":{"type":"string","description_kind":"plain","optional":true}},"description_kind":"plain"},"max_items":1}},"description_kind":"plain"}},"anaml-operations_feature_store":{"version":0,"block":{"attributes":{"cluster":{"type":"string","description_kind":"plain","required":true},"description":{"type":"string","description_kind":"plain","optional":true},"enabled":{"type":"bool","description_kind":"plain","required":true},"end_date":{"type":"string","description_kind":"plain","optional":true},"feature_set":{"type":"string","description_kind":"plain","required":true},"id":{"type":"string","description_kind":"plain","optional":true,"computed":true},"labels":{"type":["list","string"],"description":"Labels to attach to the object","description_kind":"plain","optional":true},"name":{"type":"string","description_kind":"plain","required":true},"start_date":{"type":"string","description_kind":"plain","optional":true}},"block_types":{"attribute":{"nesting_mode":"list","block":{"attributes":{"key":{"type":"string","description_kind":"plain","required":true},"value":{"type":"string","description_kind":"plain","optional":true}},"description":"Attributes (key value pairs) to attach to the object","description_kind":"plain"}},"cron_schedule":{"nesting_mode":"list","block":{"attributes":{"cron_string":{"type":"string","description_kind":"plain","required":true}},"block_types":{"fixed_retry_policy":{"nesting_mode":"list","block":{"attributes":{"backoff":{"type":"string","description_kind":"plain","required":true},"max_attempts":{"type":"number","description_kind":"plain","required":true}},"description_kind":"plain"},"max_items":1}},"description_kind":"plain"},"max_items":1},"daily_schedule":{"nesting_mode":"list","block":{"attributes":{"start_time_of_day":{"type":"string","description_kind":"plain","optional":true}},"block_types":{"fixed_retry_policy":{"nesting_mode":"list","block":{"attributes":{"backoff":{"type":"string","description_kind":"plain","required":true},"max_attempts":{"type":"number","description_kind":"plain","required":true}},"description_kind":"plain"},"max_items":1}},"description_kind":"plain"},"max_items":1},"destination":{"nesting_mode":"list","block":{"attributes":{"destination":{"type":"string","description_kind":"plain","required":true},"folder":{"type":"string","description_kind":"plain","optional":true},"table_name":{"type":"string","description_kind":"plain","optional":true},"topic":{"type":"string","description_kind":"plain","optional":true}},"description_kind":"plain"}}},"description_kind":"plain"}},"anaml-operations_monitoring":{"version":0,"block":{"attributes":{"cluster":{"type":"string","description_kind":"plain","required":true},"description":{"type":"string","description_kind":"plain","optional":true},"enabled":{"type":"bool","description_kind":"plain","required":true},"id":{"type":"string","description_kind":"plain","optional":true,"computed":true},"name":{"type":"string","description_kind":"plain","required":true},"tables":{"type":["set","string"],"description":"Tables to monitor with this job","description_kind":"plain","required":true}},"block_types":{"cron_schedule":{"nesting_mode":"list","block":{"attributes":{"cron_string":{"type":"string","description_kind":"plain","required":true}},"block_types":{"fixed_retry_policy":{"nesting_mode":"list","block":{"attributes":{"backoff":{"type":"string","description_kind":"plain","required":true},"max_attempts":{"type":"number","description_kind":"plain","required":true}},"description_kind":"plain"},"max_items":1}},"description_kind":"plain"},"max_items":1},"daily_schedule":{"nesting_mode":"list","block":{"attributes":{"start_time_of_day":{"type":"string","description_kind":"plain","optional":true}},"block_types":{"fixed_retry_policy":{"nesting_mode":"list","block":{"attributes":{"backoff":{"type":"string","description_kind":"plain","required":true},"max_attempts":{"type":"number","description_kind":"plain","required":true}},"description_kind":"plain"},"max_items":1}},"description_kind":"plain"},"max_items":1}},"description_kind":"plain"}},"anaml-operations_source":{"version":0,"block":{"attributes":{"description":{"type":"string","description_kind":"plain","required":true},"id":{"type":"string","description_kind":"plain","optional":true,"computed":true},"labels":{"type":["list","string"],"description":"Labels to attach to the object","description_kind":"plain","optional":true},"name":{"type":"string","description_kind":"plain","required":true}},"block_types":{"attribute":{"nesting_mode":"list","block":{"attributes":{"key":{"type":"string","description_kind":"plain","required":true},"value":{"type":"string","description_kind":"plain","optional":true}},"description":"Attributes (key value pairs) to attach to the object","description_kind":"plain"}},"big_query":{"nesting_mode":"list","block":{"attributes":{"path":{"type":"string","description_kind":"plain","required":true}},"description_kind":"plain"},"max_items":1},"gcs":{"nesting_mode":"list","block":{"attributes":{"bucket":{"type":"string","description_kind":"plain","required":true},"compression":{"type":"string","description_kind":"plain","optional":true},"date_format":{"type":"string","description_kind":"plain","optional":true},"field_separator":{"type":"string","description_kind":"plain","optional":true},"file_format":{"type":"string","description_kind":"plain","required":true},"ignore_leading_whitespace":{"type":"bool","description_kind":"plain","optional":true},"ignore_trailing_whitespace":{"type":"bool","description_kind":"plain","optional":true},"include_header":{"type":"bool","description_kind":"plain","optional":true},"path":{"type":"string","description_kind":"plain","required":true},"quote_all":{"type":"bool","description_kind":"plain","optional":true},"timestamp_format":{"type":"string","description_kind":"plain","optional":true}},"description_kind":"plain"},"max_items":1},"hdfs":{"nesting_mode":"list","block":{"attributes":{"compression":{"type":"string","description_kind":"plain","optional":true},"date_format":{"type":"string","description_kind":"plain","optional":true},"field_separator":{"type":"string","description_kind":"plain","optional":true},"file_format":{"type":"string","description_kind":"plain","required":true},"ignore_leading_whitespace":{"type":"bool","description_kind":"plain","optional":true},"ignore_trailing_whitespace":{"type":"bool","description_kind":"plain","optional":true},"include_header":{"type":"bool","description_kind":"plain","optional":true},"path":{"type":"string","description_kind":"plain","required":true},"quote_all":{"type":"bool","description_kind":"plain","optional":true},"timestamp_format":{"type":"string","description_kind":"plain","optional":true}},"description_kind":"plain"},"max_items":1},"hive":{"nesting_mode":"list","block":{"attributes":{"database":{"type":"string","description_kind":"plain","required":true}},"description_kind":"plain"},"max_items":1},"jdbc":{"nesting_mode":"list","block":{"attributes":{"schema":{"type":"string","description_kind":"plain","required":true},"url":{"type":"string","description_kind":"plain","required":true}},"block_types":{"credentials_provider":{"nesting_mode":"list","block":{"block_types":{"aws":{"nesting_mode":"list","block":{"attributes":{"password_secret_id":{"type":"string","description_kind":"plain","required":true},"username":{"type":"string","description_kind":"plain","required":true}},"description_kind":"plain"},"max_items":1},"basic":{"nesting_mode":"list","block":{"attributes":{"password":{"type":"string","description_kind":"plain","required":true},"username":{"type":"string","description_kind":"plain","required":true}},"description_kind":"plain"},"max_items":1},"gcp":{"nesting_mode":"list","block":{"attributes":{"password_secret_id":{"type":"string","description_kind":"plain","required":true},"password_secret_project":{"type":"string","description_kind":"plain","required":true},"username":{"type":"string","description_kind":"plain","required":true}},"description_kind":"plain"},"max_items":1}},"description_kind":"plain"},"max_items":1}},"description_kind":"plain"},"max_items":1},"kafka":{"nesting_mode":"list","block":{"attributes":{"bootstrap_servers":{"type":"string","description_kind":"plain","required":true},"schema_registry_url":{"type":"string","description_kind":"plain","required":true}},"block_types":{"property":{"nesting_mode":"list","block":{"attributes":{"key":{"type":"string","description_kind":"plain","required":true},"value":{"type":"string","description_kind":"plain","optional":true}},"block_types":{"aws":{"nesting_mode":"list","block":{"attributes":{"secret_id":{"type":"string","description_kind":"plain","required":true}},"description_kind":"plain"},"max_items":1},"gcp":{"nesting_mode":"list","block":{"attributes":{"secret_id":{"type":"string","description_kind":"plain","required":true},"secret_project":{"type":"string","description_kind":"plain","required":true}},"description_kind":"plain"},"max_items":1}},"description_kind":"plain"}}},"description_kind":"plain"},"max_items":1},"local":{"nesting_mode":"list","block":{"attributes":{"compression":{"type":"string","description_kind":"plain","optional":true},"date_format":{"type":"string","description_kind":"plain","optional":true},"field_separator":{"type":"string","description_kind":"plain","optional":true},"file_format":{"type":"string","description_kind":"plain","required":true},"ignore_leading_whitespace":{"type":"bool","description_kind":"plain","optional":true},"ignore_trailing_whitespace":{"type":"bool","description_kind":"plain","optional":true},"include_header":{"type":"bool","description_kind":"plain","optional":true},"path":{"type":"string","description_kind":"plain","required":true},"quote_all":{"type":"bool","description_kind":"plain","optional":true},"timestamp_format":{"type":"string","description_kind":"plain","optional":true}},"description_kind":"plain"},"max_items":1},"s3":{"nesting_mode":"list","block":{"attributes":{"bucket":{"type":"string","description_kind":"plain","required":true},"compression":{"type":"string","description_kind":"plain","optional":true},"date_format":{"type":"string","description_kind":"plain","optional":true},"field_separator":{"type":"string","description_kind":"plain","optional":true},"file_format":{"type":"string","description_kind":"plain","required":true},"ignore_leading_whitespace":{"type":"bool","description_kind":"plain","optional":true},"ignore_trailing_whitespace":{"type":"bool","description_kind":"plain","optional":true},"include_header":{"type":"bool","description_kind":"plain","optional":true},"path":{"type":"string","description_kind":"plain","required":true},"quote_all":{"type":"bool","description_kind":"plain","optional":true},"timestamp_format":{"type":"string","description_kind":"plain","optional":true}},"description_kind":"plain"},"max_items":1},"s3a":{"nesting_mode":"list","block":{"attributes":{"access_key":{"type":"string","description_kind":"plain","required":true},"bucket":{"type":"string","description_kind":"plain","required":true},"compression":{"type":"string","description_kind":"plain","optional":true},"date_format":{"type":"string","description_kind":"plain","optional":true},"endpoint":{"type":"string","description_kind":"plain","required":true},"field_separator":{"type":"string","description_kind":"plain","optional":true},"file_format":{"type":"string","description_kind":"plain","required":true},"ignore_leading_whitespace":{"type":"bool","description_kind":"plain","optional":true},"ignore_trailing_whitespace":{"type":"bool","description_kind":"plain","optional":true},"include_header":{"type":"bool","description_kind":"plain","optional":true},"path":{"type":"string","description_kind":"plain","required":true},"quote_all":{"type":"bool","description_kind":"plain","optional":true},"secret_key":{"type":"string","description_kind":"plain","required":true},"timestamp_format":{"type":"string","description_kind":"plain","optional":true}},"description_kind":"plain"},"max_items":1}},"description_kind":"plain"}},"anaml-operations_user":{"version":0,"block":{"attributes":{"email":{"type":"string","description_kind":"plain","optional":true},"given_name":{"type":"string","description_kind":"plain","optional":true},"id":{"type":"string","description_kind":"plain","optional":true,"computed":true},"name":{"type":"string","description_kind":"plain","required":true},"password":{"type":"string","description_kind":"plain","required":true,"sensitive":true},"roles":{"type":["list","string"],"description_kind":"plain","optional":true},"surname":{"type":"string","description_kind":"plain","optional":true}},"description_kind":"plain"}},"anaml-operations_user_group":{"version":0,"block":{"attributes":{"description":{"type":"string","description_kind":"plain","optional":true},"external_group_id":{"type":"string","description_kind":"plain","optional":true},"id":{"type":"string","description_kind":"plain","optional":true,"computed":true},"name":{"type":"string","description_kind":"plain","required":true},"roles":{"type":["list","string"],"description_kind":"plain","optional":true}},"block_types":{"members":{"nesting_mode":"list","block":{"attributes":{"source":{"type":"string","description_kind":"plain","required":true},"user_id":{"type":"number","description_kind":"plain","required":true}},"description":"Users to include in the user group","description_kind":"plain"},"min_items":1}},"description_kind":"plain"}},"anaml-operations_webhook":{"version":0,"block":{"attributes":{"description":{"type":"string","description_kind":"plain","optional":true},"id":{"type":"string","description_kind":"plain","optional":true,"computed":true},"name":{"type":"string","description_kind":"plain","required":true},"url":{"type":"string","description_kind":"plain","optional":true}},"block_types":{"caching_runs":{"nesting_mode":"list","block":{"description_kind":"plain"},"max_items":1},"commits":{"nesting_mode":"list","block":{"description_kind":"plain"},"max_items":1},"feature_store_runs":{"nesting_mode":"list","block":{"description_kind":"plain"},"max_items":1},"merge_request_comments":{"nesting_mode":"list","block":{"description_kind":"plain"},"max_items":1},"merge_requests":{"nesting_mode":"list","block":{"description_kind":"plain"},"max_items":1},"monitoring_runs":{"nesting_mode":"list","block":{"description_kind":"plain"},"max_items":1}},"description_kind":"plain"}}},"data_source_schemas":{"anaml-operations_cluster":{"version":0,"block":{"attributes":{"description":{"type":"string","description_kind":"plain","computed":true},"id":{"type":"string","description_kind":"plain","optional":true,"computed":true},"name":{"type":"string","description_kind":"plain","required":true}},"description_kind":"plain"}},"anaml-operations_destination":{"version":0,"block":{"attributes":{"description":{"type":"string","description_kind":"plain","computed":true},"id":{"type":"string","description_kind":"plain","optional":true,"computed":true},"name":{"type":"string","description_kind":"plain","required":true}},"description_kind":"plain"}},"anaml-operations_feature_store":{"version":0,"block":{"attributes":{"description":{"type":"string","description_kind":"plain","computed":true},"id":{"type":"string","description_kind":"plain","optional":true,"computed":true},"name":{"type":"string","description_kind":"plain","required":true}},"description_kind":"plain"}},"anaml-operations_source":{"version":0,"block":{"attributes":{"description":{"type":"string","description_kind":"plain","computed":true},"id":{"type":"string","description_kind":"plain","optional":true,"computed":true},"name":{"type":"string","description_kind":"plain","required":true}},"description_kind":"plain"}}}}}}
