{"format_version":"0.2","provider_schemas":{"registry.terraform.io/sioncojp/jamf":{"provider":{"version":0,"block":{"attributes":{"password":{"type":"string","description_kind":"plain","optional":true},"url":{"type":"string","description":"This is the full url of jamf, xxxx.jamfcloud.com","description_kind":"plain","optional":true},"username":{"type":"string","description_kind":"plain","optional":true}},"description_kind":"plain"}},"resource_schemas":{"jamf_building":{"version":0,"block":{"attributes":{"city":{"type":"string","description_kind":"plain","optional":true},"country":{"type":"string","description_kind":"plain","optional":true},"id":{"type":"string","description_kind":"plain","optional":true,"computed":true},"name":{"type":"string","description_kind":"plain","required":true},"state_province":{"type":"string","description_kind":"plain","optional":true},"street_address1":{"type":"string","description_kind":"plain","optional":true},"street_address2":{"type":"string","description_kind":"plain","optional":true},"zip_postal_code":{"type":"string","description_kind":"plain","optional":true}},"block_types":{"timeouts":{"nesting_mode":"single","block":{"attributes":{"create":{"type":"string","description_kind":"plain","optional":true},"delete":{"type":"string","description_kind":"plain","optional":true},"read":{"type":"string","description_kind":"plain","optional":true},"update":{"type":"string","description_kind":"plain","optional":true}},"description_kind":"plain"}}},"description_kind":"plain"}},"jamf_category":{"version":0,"block":{"attributes":{"id":{"type":"string","description_kind":"plain","optional":true,"computed":true},"name":{"type":"string","description_kind":"plain","required":true},"priority":{"type":"number","description_kind":"plain","required":true}},"block_types":{"timeouts":{"nesting_mode":"single","block":{"attributes":{"create":{"type":"string","description_kind":"plain","optional":true},"delete":{"type":"string","description_kind":"plain","optional":true},"read":{"type":"string","description_kind":"plain","optional":true},"update":{"type":"string","description_kind":"plain","optional":true}},"description_kind":"plain"}}},"description_kind":"plain"}},"jamf_department":{"version":0,"block":{"attributes":{"id":{"type":"string","description_kind":"plain","optional":true,"computed":true},"name":{"type":"string","description_kind":"plain","required":true}},"block_types":{"timeouts":{"nesting_mode":"single","block":{"attributes":{"create":{"type":"string","description_kind":"plain","optional":true},"delete":{"type":"string","description_kind":"plain","optional":true},"read":{"type":"string","description_kind":"plain","optional":true},"update":{"type":"string","description_kind":"plain","optional":true}},"description_kind":"plain"}}},"description_kind":"plain"}},"jamf_script":{"version":0,"block":{"attributes":{"category_id":{"type":"string","description_kind":"plain","optional":true},"category_name":{"type":"string","description_kind":"plain","computed":true},"file_path":{"type":"string","description_kind":"plain","optional":true},"id":{"type":"string","description_kind":"plain","computed":true},"info":{"type":"string","description_kind":"plain","optional":true},"name":{"type":"string","description_kind":"plain","required":true},"notes":{"type":"string","description_kind":"plain","optional":true},"os_requirements":{"type":"string","description_kind":"plain","optional":true},"parameter10":{"type":"string","description_kind":"plain","optional":true},"parameter11":{"type":"string","description_kind":"plain","optional":true},"parameter4":{"type":"string","description_kind":"plain","optional":true},"parameter5":{"type":"string","description_kind":"plain","optional":true},"parameter6":{"type":"string","description_kind":"plain","optional":true},"parameter7":{"type":"string","description_kind":"plain","optional":true},"parameter8":{"type":"string","description_kind":"plain","optional":true},"parameter9":{"type":"string","description_kind":"plain","optional":true},"priority":{"type":"string","description_kind":"plain","optional":true},"script_contents":{"type":"string","description_kind":"plain","optional":true}},"description_kind":"plain"}},"jamf_smartComputerGroup":{"version":0,"block":{"attributes":{"computer":{"type":["set",["object",{"id":"number","name":"string","serial_number":"string"}]],"description_kind":"plain","computed":true},"id":{"type":"string","description_kind":"plain","computed":true},"name":{"type":"string","description_kind":"plain","required":true}},"block_types":{"criteria":{"nesting_mode":"set","block":{"attributes":{"and_or":{"type":"string","description_kind":"plain","optional":true},"closing_paren":{"type":"bool","description_kind":"plain","optional":true},"name":{"type":"string","description_kind":"plain","required":true},"opening_paren":{"type":"bool","description_kind":"plain","optional":true},"priority":{"type":"number","description_kind":"plain","required":true},"search_type":{"type":"string","description_kind":"plain","required":true},"search_value":{"type":"string","description_kind":"plain","required":true}},"description_kind":"plain"}},"site":{"nesting_mode":"set","block":{"attributes":{"id":{"type":"number","description_kind":"plain","computed":true},"name":{"type":"string","description_kind":"plain","required":true}},"description_kind":"plain"},"max_items":1}},"description_kind":"plain"}},"jamf_staticComputerGroup":{"version":0,"block":{"attributes":{"id":{"type":"string","description_kind":"plain","computed":true},"name":{"type":"string","description_kind":"plain","required":true}},"block_types":{"computer":{"nesting_mode":"set","block":{"attributes":{"id":{"type":"number","description_kind":"plain","optional":true},"name":{"type":"string","description_kind":"plain","computed":true},"serial_number":{"type":"string","description_kind":"plain","computed":true}},"description_kind":"plain"}},"site":{"nesting_mode":"set","block":{"attributes":{"id":{"type":"number","description_kind":"plain","computed":true},"name":{"type":"string","description_kind":"plain","required":true}},"description_kind":"plain"},"max_items":1}},"description_kind":"plain"}}},"data_source_schemas":{"jamf_building":{"version":0,"block":{"attributes":{"city":{"type":"string","description_kind":"plain","computed":true},"country":{"type":"string","description_kind":"plain","computed":true},"id":{"type":"string","description_kind":"plain","optional":true,"computed":true},"name":{"type":"string","description_kind":"plain","required":true},"state_province":{"type":"string","description_kind":"plain","computed":true},"street_address1":{"type":"string","description_kind":"plain","computed":true},"street_address2":{"type":"string","description_kind":"plain","computed":true},"zip_postal_code":{"type":"string","description_kind":"plain","computed":true}},"description_kind":"plain"}},"jamf_category":{"version":0,"block":{"attributes":{"id":{"type":"string","description_kind":"plain","optional":true,"computed":true},"name":{"type":"string","description_kind":"plain","required":true},"priority":{"type":"number","description_kind":"plain","computed":true}},"description_kind":"plain"}},"jamf_department":{"version":0,"block":{"attributes":{"id":{"type":"string","description_kind":"plain","optional":true,"computed":true},"name":{"type":"string","description_kind":"plain","required":true}},"description_kind":"plain"}},"jamf_script":{"version":0,"block":{"attributes":{"category_id":{"type":"string","description_kind":"plain","computed":true},"category_name":{"type":"string","description_kind":"plain","computed":true},"id":{"type":"string","description_kind":"plain","computed":true},"info":{"type":"string","description_kind":"plain","computed":true},"name":{"type":"string","description_kind":"plain","required":true},"notes":{"type":"string","description_kind":"plain","computed":true},"os_requirements":{"type":"string","description_kind":"plain","computed":true},"parameter10":{"type":"string","description_kind":"plain","computed":true},"parameter11":{"type":"string","description_kind":"plain","computed":true},"parameter4":{"type":"string","description_kind":"plain","computed":true},"parameter5":{"type":"string","description_kind":"plain","computed":true},"parameter6":{"type":"string","description_kind":"plain","computed":true},"parameter7":{"type":"string","description_kind":"plain","computed":true},"parameter8":{"type":"string","description_kind":"plain","computed":true},"parameter9":{"type":"string","description_kind":"plain","computed":true},"priority":{"type":"string","description_kind":"plain","computed":true},"script_contents":{"type":"string","description_kind":"plain","computed":true}},"description_kind":"plain"}},"jamf_smartComputerGroup":{"version":0,"block":{"attributes":{"computer":{"type":["set",["object",{"id":"number","name":"string","serial_number":"string"}]],"description_kind":"plain","computed":true},"criteria":{"type":["set",["object",{"and_or":"string","closing_paren":"bool","name":"string","opening_paren":"bool","priority":"number","search_type":"string","search_value":"string"}]],"description_kind":"plain","computed":true},"id":{"type":"number","description_kind":"plain","computed":true},"name":{"type":"string","description_kind":"plain","required":true},"site":{"type":["set",["object",{"id":"number","name":"string"}]],"description_kind":"plain","computed":true}},"description_kind":"plain"}},"jamf_staticComputerGroup":{"version":0,"block":{"attributes":{"computer":{"type":["set",["object",{"id":"number","name":"string","serial_number":"string"}]],"description_kind":"plain","computed":true},"id":{"type":"number","description_kind":"plain","computed":true},"name":{"type":"string","description_kind":"plain","required":true},"site":{"type":["set",["object",{"id":"number","name":"string"}]],"description_kind":"plain","computed":true}},"description_kind":"plain"}}}}}}
