{"format_version":"0.2","provider_schemas":{"registry.terraform.io/site24x7/site24x7":{"provider":{"version":0,"block":{"attributes":{"data_center":{"type":"string","description":"Site24x7 data center.","description_kind":"plain","optional":true},"max_retries":{"type":"number","description":"Maximum number of retries for Site24x7 API errors until giving up","description_kind":"plain","optional":true},"oauth2_client_id":{"type":"string","description":"OAuth2 Client ID","description_kind":"plain","required":true},"oauth2_client_secret":{"type":"string","description":"OAuth2 Client Secret","description_kind":"plain","required":true},"oauth2_refresh_token":{"type":"string","description":"OAuth2 Refresh Token","description_kind":"plain","required":true},"retry_max_wait":{"type":"number","description":"Maximum wait time in seconds before retrying failed API requests (exponential backoff).","description_kind":"plain","optional":true},"retry_min_wait":{"type":"number","description":"Minimum wait time in seconds before retrying failed API requests.","description_kind":"plain","optional":true}},"description_kind":"plain"}},"resource_schemas":{"site24x7_amazon_monitor":{"version":0,"block":{"attributes":{"aws_access_key":{"type":"string","description_kind":"plain","required":true},"aws_discover_services":{"type":["list","string"],"description_kind":"plain","optional":true},"aws_discovery_frequency":{"type":"number","description_kind":"plain","optional":true},"aws_secret_key":{"type":"string","description_kind":"plain","required":true},"display_name":{"type":"string","description_kind":"plain","required":true},"id":{"type":"string","description_kind":"plain","optional":true,"computed":true},"notification_profile_id":{"type":"string","description_kind":"plain","optional":true},"user_group_ids":{"type":["list","string"],"description":"List of user groups to be notified when the monitor is down.","description_kind":"plain","optional":true}},"description_kind":"plain"}},"site24x7_monitor_group":{"version":0,"block":{"attributes":{"dependency_resource_id":{"type":["list","string"],"description":"List of dependent resource IDs. Suppress alert when dependent monitor(s) is down.","description_kind":"plain","optional":true},"description":{"type":"string","description":"Description for the Monitor Group.","description_kind":"plain","required":true},"display_name":{"type":"string","description":"Display Name for the Monitor Group.","description_kind":"plain","required":true},"health_threshold_count":{"type":"number","description":"Number of monitors' health that decide the group status. ‘0’ implies that all the monitors are considered for determining the group status. Default value is 1.","description_kind":"plain","optional":true},"id":{"type":"string","description_kind":"plain","optional":true,"computed":true},"suppress_alert":{"type":"bool","description":"Boolean value indicating whether to suppress alert when the dependent monitor is down. Setting suppress_alert = true with an empty dependency_resource_id is meaningless.","description_kind":"plain","optional":true}},"description_kind":"plain"}},"site24x7_rest_api_monitor":{"version":0,"block":{"attributes":{"auth_pass":{"type":"string","description_kind":"plain","optional":true},"auth_user":{"type":"string","description_kind":"plain","optional":true},"check_frequency":{"type":"number","description_kind":"plain","optional":true},"client_certificate_password":{"type":"string","description_kind":"plain","optional":true},"custom_headers":{"type":["map","string"],"description_kind":"plain","optional":true},"display_name":{"type":"string","description_kind":"plain","required":true},"http_method":{"type":"string","description_kind":"plain","optional":true},"http_protocol":{"type":"string","description_kind":"plain","optional":true},"id":{"type":"string","description_kind":"plain","optional":true,"computed":true},"json_schema_check":{"type":"bool","description_kind":"plain","optional":true},"jwt_id":{"type":"string","description_kind":"plain","optional":true},"location_profile_id":{"type":"string","description":"Location profile to be associated with the monitor.","description_kind":"plain","optional":true,"computed":true},"location_profile_name":{"type":"string","description":"Name of the location profile to be associated with the monitor.","description_kind":"plain","optional":true,"computed":true},"match_case":{"type":"bool","description_kind":"plain","optional":true},"match_regex":{"type":["map","string"],"description_kind":"plain","optional":true},"matching_keyword":{"type":["map","string"],"description_kind":"plain","optional":true},"monitor_groups":{"type":["list","string"],"description":"List of monitor groups to which the monitor has to be associated.","description_kind":"plain","optional":true},"notification_profile_id":{"type":"string","description":"Notification profile to be associated with the monitor.","description_kind":"plain","optional":true,"computed":true},"oauth2_provider":{"type":"string","description_kind":"plain","optional":true},"request_content_type":{"type":"string","description_kind":"plain","optional":true},"request_param":{"type":"string","description_kind":"plain","optional":true},"response_content_type":{"type":"string","description_kind":"plain","optional":true},"ssl_protocol":{"type":"string","description_kind":"plain","optional":true},"threshold_profile_id":{"type":"string","description":"Threshold profile to be associated with the monitor.","description_kind":"plain","optional":true,"computed":true},"timeout":{"type":"number","description_kind":"plain","optional":true},"unmatching_keyword":{"type":["map","string"],"description_kind":"plain","optional":true},"use_alpn":{"type":"bool","description_kind":"plain","optional":true},"use_ipv6":{"type":"bool","description_kind":"plain","optional":true},"use_name_server":{"type":"bool","description_kind":"plain","optional":true},"user_agent":{"type":"string","description_kind":"plain","optional":true},"user_group_ids":{"type":["list","string"],"description":"List of user groups to be notified when the monitor is down.","description_kind":"plain","optional":true,"computed":true},"website":{"type":"string","description_kind":"plain","required":true}},"description_kind":"plain"}},"site24x7_ssl_monitor":{"version":0,"block":{"attributes":{"display_name":{"type":"string","description":"Display Name for the monitor.","description_kind":"plain","required":true},"domain_name":{"type":"string","description":"Domain name to be verified for SSL Certificate.","description_kind":"plain","required":true},"expire_days":{"type":"number","description":"Day threshold for certificate expiry notification. Range 1 - 999.","description_kind":"plain","optional":true},"http_protocol_version":{"type":"string","description":"Version of the HTTP protocol.","description_kind":"plain","optional":true},"id":{"type":"string","description_kind":"plain","optional":true,"computed":true},"ignore_domain_mismatch":{"type":"bool","description":"Boolean to ignore domain name mismatch errors.","description_kind":"plain","optional":true},"ignore_trust":{"type":"bool","description":"To ignore the validation of SSL/TLS certificate chain.","description_kind":"plain","optional":true},"location_profile_id":{"type":"string","description":"Location profile to be associated with the monitor.","description_kind":"plain","optional":true,"computed":true},"location_profile_name":{"type":"string","description":"Name of the location profile to be associated with the monitor.","description_kind":"plain","optional":true,"computed":true},"monitor_groups":{"type":["list","string"],"description":"List of monitor groups to which the monitor has to be associated.","description_kind":"plain","optional":true},"notification_profile_id":{"type":"string","description":"Notification profile to be associated with the monitor.","description_kind":"plain","optional":true,"computed":true},"port":{"type":"number","description":"Server Port.","description_kind":"plain","optional":true},"protocol":{"type":"string","description":"Supported protocols are HTTPS, SMTPS, POPS, IMAPS, FTPS or CUSTOM","description_kind":"plain","optional":true},"threshold_profile_id":{"type":"string","description":"Threshold profile to be associated with the monitor.","description_kind":"plain","optional":true,"computed":true},"timeout":{"type":"number","description":"Timeout for connecting to the host. Range 1 - 45.","description_kind":"plain","optional":true},"user_group_ids":{"type":["list","string"],"description":"List of user groups to be notified when the monitor is down.","description_kind":"plain","optional":true,"computed":true}},"description_kind":"plain"}},"site24x7_threshold_profile":{"version":0,"block":{"attributes":{"down_location_threshold":{"type":"number","description":"Triggers alert when the monitor is down from configured number of locations.","description_kind":"plain","optional":true},"id":{"type":"string","description_kind":"plain","optional":true,"computed":true},"profile_name":{"type":"string","description":"Display Name for the threshold profile","description_kind":"plain","required":true},"profile_type":{"type":"number","description":"Static Threshold(1) or AI-based Threshold(2)","description_kind":"plain","optional":true},"type":{"type":"string","description":"Type of the monitor for which the threshold profile is being created.","description_kind":"plain","required":true},"website_content_modified":{"type":"bool","description":"Triggers alert when the website content is modified.","description_kind":"plain","optional":true}},"block_types":{"website_content_changes":{"nesting_mode":"list","block":{"attributes":{"comparison_operator":{"type":"number","description_kind":"plain","optional":true},"severity":{"type":"number","description_kind":"plain","required":true},"value":{"type":"number","description_kind":"plain","required":true}},"description_kind":"plain"}}},"description_kind":"plain"}},"site24x7_url_action":{"version":0,"block":{"attributes":{"auth_method":{"type":"string","description":"Authentication method to access the action url.","description_kind":"plain","optional":true},"custom_parameters":{"type":"string","description":"Mandatory, if send_custom_parameters is set as true. Custom parameters to be passed while accessing the action url.","description_kind":"plain","optional":true},"id":{"type":"string","description_kind":"plain","optional":true,"computed":true},"method":{"type":"string","description":"HTTP Method to access the action url.","description_kind":"plain","optional":true},"name":{"type":"string","description":"Display name for the Action.","description_kind":"plain","required":true},"send_custom_parameters":{"type":"bool","description":"Configuration to send custom parameters while executing the action.","description_kind":"plain","optional":true},"send_email":{"type":"bool","description":"Boolean indicating whether to send email or not.","description_kind":"plain","optional":true},"send_in_json_format":{"type":"bool","description":"Optional, use only if HTTP Method chosen is GET. Configuration to enable json format for post parameters.","description_kind":"plain","optional":true},"send_incident_parameters":{"type":"bool","description":"Configuration to send incident parameters while executing the action.","description_kind":"plain","optional":true},"url":{"type":"string","description":"URL to be invoked for action execution.","description_kind":"plain","required":true},"user_agent":{"type":"string","description":"User Agent to be used while monitoring the website.","description_kind":"plain","optional":true}},"description_kind":"plain"}},"site24x7_user_group":{"version":0,"block":{"attributes":{"attribute_group_id":{"type":"string","description":"Attribute Alert Group to be associated with the User Alert group.","description_kind":"plain","required":true},"display_name":{"type":"string","description":"Display name for the user group.","description_kind":"plain","required":true},"id":{"type":"string","description_kind":"plain","optional":true,"computed":true},"product_id":{"type":"number","description":"Product for which the user group is being created. Default value is 0.","description_kind":"plain","optional":true},"users":{"type":["list","string"],"description":"User IDs of the users to be associated to the group.","description_kind":"plain","required":true}},"description_kind":"plain"}},"site24x7_website_monitor":{"version":0,"block":{"attributes":{"actions":{"type":["map","string"],"description":"Action to be performed on monitor status changes.","description_kind":"plain","optional":true},"auth_pass":{"type":"string","description":"Authentication password to access the website.","description_kind":"plain","optional":true},"auth_user":{"type":"string","description":"Authentication user name to access the website.","description_kind":"plain","optional":true},"check_frequency":{"type":"number","description":"Interval at which your website has to be monitored. Default value is 1 minute.","description_kind":"plain","optional":true},"custom_headers":{"type":["map","string"],"description":"Header name and value in a string array.","description_kind":"plain","optional":true},"display_name":{"type":"string","description":"Display Name for the monitor.","description_kind":"plain","required":true},"http_method":{"type":"string","description":"HTTP Method to be used for accessing the website. PUT, PATCH and DELETE are not supported","description_kind":"plain","optional":true},"id":{"type":"string","description_kind":"plain","optional":true,"computed":true},"location_profile_id":{"type":"string","description":"Location profile to be associated with the monitor.","description_kind":"plain","optional":true,"computed":true},"location_profile_name":{"type":"string","description":"Name of the location profile to be associated with the monitor.","description_kind":"plain","optional":true,"computed":true},"match_case":{"type":"bool","description":"Perform case sensitive keyword search or not.","description_kind":"plain","optional":true},"match_regex_severity":{"type":"number","description":"Severity with which alert has to raised when the matching regex is found in the website response.","description_kind":"plain","optional":true},"match_regex_value":{"type":"string","description":"Match the regular expression in the website response.","description_kind":"plain","optional":true},"matching_keyword_severity":{"type":"number","description":"Severity with which alert has to raised when the matching keyword is found in the website response.","description_kind":"plain","optional":true},"matching_keyword_value":{"type":"string","description_kind":"plain","optional":true},"monitor_groups":{"type":["list","string"],"description":"List of monitor groups to which the monitor has to be associated.","description_kind":"plain","optional":true},"notification_profile_id":{"type":"string","description":"Notification profile to be associated with the monitor.","description_kind":"plain","optional":true,"computed":true},"threshold_profile_id":{"type":"string","description":"Threshold profile to be associated with the monitor.","description_kind":"plain","optional":true,"computed":true},"timeout":{"type":"number","description":"Timeout for connecting to website. Default value is 10. Range 1 - 45.","description_kind":"plain","optional":true},"unmatching_keyword_severity":{"type":"number","description":"Severity with which alert has to raised when the keyword is not present in the website response.","description_kind":"plain","optional":true},"unmatching_keyword_value":{"type":"string","description_kind":"plain","optional":true},"up_status_codes":{"type":"string","description":"Provide a comma-separated list of HTTP status codes that indicate a successful response. You can specify individual status codes, as well as ranges separated with a colon.","description_kind":"plain","optional":true},"use_name_server":{"type":"bool","description":"Resolve the IP address using Domain Name Server.","description_kind":"plain","optional":true},"user_agent":{"type":"string","description":"User Agent to be used while monitoring the website.","description_kind":"plain","optional":true},"user_group_ids":{"type":["list","string"],"description":"List of user groups to be notified when the monitor is down.","description_kind":"plain","optional":true,"computed":true},"website":{"type":"string","description":"Website address to monitor.","description_kind":"plain","required":true}},"description_kind":"plain"}}}}}}
