{"format_version":"0.2","provider_schemas":{"registry.terraform.io/skedulo/kustomization":{"provider":{"version":0,"block":{"attributes":{"context":{"type":"string","description":"Context to use in kubeconfig with multiple contexts, if not specified the default context is to be used.","description_kind":"plain","optional":true},"kubeconfig_incluster":{"type":"bool","description":"Set to true when running inside a kubernetes cluster. If kubeconfig_incluster is set, KUBECONFIG_PATH is ignored.","description_kind":"plain","optional":true},"kubeconfig_path":{"type":"string","description":"Path to a kubeconfig file. Can be set using KUBECONFIG_PATH env var","description_kind":"plain","optional":true},"kubeconfig_raw":{"type":"string","description":"Raw kube config. If kubeconfig_raw is set, KUBECONFIG_PATH is ignored.","description_kind":"plain","optional":true}},"description_kind":"plain"}},"resource_schemas":{"kustomization_resource":{"version":0,"block":{"attributes":{"id":{"type":"string","description_kind":"plain","optional":true,"computed":true},"manifest":{"type":"string","description_kind":"plain","required":true}},"description_kind":"plain"}}},"data_source_schemas":{"kustomization":{"version":0,"block":{"attributes":{"id":{"type":"string","description_kind":"plain","optional":true,"computed":true},"ids":{"type":["set","string"],"description_kind":"plain","computed":true},"ids_prio":{"type":["list",["set","string"]],"description_kind":"plain","computed":true},"kustomize_options":{"type":["map","string"],"description_kind":"plain","optional":true},"manifests":{"type":["map","string"],"description_kind":"plain","computed":true},"path":{"type":"string","description_kind":"plain","required":true}},"description_kind":"plain"}},"kustomization_build":{"version":0,"block":{"attributes":{"id":{"type":"string","description_kind":"plain","optional":true,"computed":true},"ids":{"type":["set","string"],"description_kind":"plain","computed":true},"ids_prio":{"type":["list",["set","string"]],"description_kind":"plain","computed":true},"kustomize_options":{"type":["map","string"],"description_kind":"plain","optional":true},"manifests":{"type":["map","string"],"description_kind":"plain","computed":true},"path":{"type":"string","description_kind":"plain","required":true}},"description_kind":"plain"}},"kustomization_overlay":{"version":0,"block":{"attributes":{"common_annotations":{"type":["map","string"],"description_kind":"plain","optional":true},"common_labels":{"type":["map","string"],"description_kind":"plain","optional":true},"components":{"type":["list","string"],"description_kind":"plain","optional":true},"crds":{"type":["list","string"],"description_kind":"plain","optional":true},"generators":{"type":["list","string"],"description_kind":"plain","optional":true},"id":{"type":"string","description_kind":"plain","optional":true,"computed":true},"ids":{"type":["set","string"],"description_kind":"plain","computed":true},"ids_prio":{"type":["list",["set","string"]],"description_kind":"plain","computed":true},"kustomize_options":{"type":["map","string"],"description_kind":"plain","optional":true},"manifests":{"type":["map","string"],"description_kind":"plain","computed":true},"name_prefix":{"type":"string","description_kind":"plain","optional":true},"name_suffix":{"type":"string","description_kind":"plain","optional":true},"namespace":{"type":"string","description_kind":"plain","optional":true},"resources":{"type":["list","string"],"description_kind":"plain","optional":true},"transformers":{"type":["list","string"],"description_kind":"plain","optional":true}},"block_types":{"config_map_generator":{"nesting_mode":"list","block":{"attributes":{"behavior":{"type":"string","description_kind":"plain","optional":true},"envs":{"type":["list","string"],"description_kind":"plain","optional":true},"files":{"type":["list","string"],"description_kind":"plain","optional":true},"literals":{"type":["list","string"],"description_kind":"plain","optional":true},"name":{"type":"string","description_kind":"plain","optional":true},"namespace":{"type":"string","description_kind":"plain","optional":true}},"block_types":{"options":{"nesting_mode":"list","block":{"attributes":{"annotations":{"type":["map","string"],"description_kind":"plain","optional":true},"disable_name_suffix_hash":{"type":"bool","description_kind":"plain","optional":true},"labels":{"type":["map","string"],"description_kind":"plain","optional":true}},"description_kind":"plain"},"max_items":1}},"description_kind":"plain"}},"generator_options":{"nesting_mode":"list","block":{"attributes":{"annotations":{"type":["map","string"],"description_kind":"plain","optional":true},"disable_name_suffix_hash":{"type":"bool","description_kind":"plain","optional":true},"labels":{"type":["map","string"],"description_kind":"plain","optional":true}},"description_kind":"plain"},"max_items":1},"images":{"nesting_mode":"list","block":{"attributes":{"digest":{"type":"string","description_kind":"plain","optional":true},"name":{"type":"string","description_kind":"plain","optional":true},"new_name":{"type":"string","description_kind":"plain","optional":true},"new_tag":{"type":"string","description_kind":"plain","optional":true}},"description_kind":"plain"}},"patches":{"nesting_mode":"list","block":{"attributes":{"patch":{"type":"string","description_kind":"plain","optional":true},"path":{"type":"string","description_kind":"plain","optional":true},"target":{"type":["map","string"],"description_kind":"plain","optional":true}},"description_kind":"plain"}},"replicas":{"nesting_mode":"list","block":{"attributes":{"count":{"type":"number","description_kind":"plain","optional":true},"name":{"type":"string","description_kind":"plain","optional":true}},"description_kind":"plain"}},"secret_generator":{"nesting_mode":"list","block":{"attributes":{"behavior":{"type":"string","description_kind":"plain","optional":true},"envs":{"type":["list","string"],"description_kind":"plain","optional":true},"files":{"type":["list","string"],"description_kind":"plain","optional":true},"literals":{"type":["list","string"],"description_kind":"plain","optional":true},"name":{"type":"string","description_kind":"plain","optional":true},"namespace":{"type":"string","description_kind":"plain","optional":true},"type":{"type":"string","description_kind":"plain","optional":true}},"block_types":{"options":{"nesting_mode":"list","block":{"attributes":{"annotations":{"type":["map","string"],"description_kind":"plain","optional":true},"disable_name_suffix_hash":{"type":"bool","description_kind":"plain","optional":true},"labels":{"type":["map","string"],"description_kind":"plain","optional":true}},"description_kind":"plain"},"max_items":1}},"description_kind":"plain"}},"vars":{"nesting_mode":"list","block":{"attributes":{"field_ref":{"type":["map","string"],"description_kind":"plain","optional":true},"name":{"type":"string","description_kind":"plain","optional":true},"obj_ref":{"type":["map","string"],"description_kind":"plain","optional":true}},"description_kind":"plain"}}},"description_kind":"plain"}}}}}}
