{"format_version":"0.2","provider_schemas":{"registry.terraform.io/skeggse/metadata":{"provider":{"version":0,"block":{"description_kind":"plain"}},"resource_schemas":{"metadata_value":{"version":0,"block":{"attributes":{"id":{"type":"string","description_kind":"plain","optional":true,"computed":true},"inputs":{"type":["map","string"],"description":"The metadata to store.","description_kind":"markdown","optional":true,"computed":true},"outputs":{"type":["map","string"],"description":"The stored metadata.","description_kind":"markdown","computed":true},"update":{"type":"bool","description":"Whether to update the metadata to the current inputs value.","description_kind":"markdown","optional":true,"computed":true}},"description":"Value resource for the metadata provider.","description_kind":"markdown"}}}}}}
