{"format_version":"0.2","provider_schemas":{"registry.terraform.io/skyscrapr/cloudability":{"provider":{"version":0,"block":{"attributes":{"apikey":{"type":"string","description":"The apikey for API operations","description_kind":"plain","required":true}},"description_kind":"plain"}},"resource_schemas":{"cloudability_business_mapping":{"version":0,"block":{"attributes":{"default_value":{"type":"string","description_kind":"plain","optional":true},"id":{"type":"string","description_kind":"plain","optional":true,"computed":true},"index":{"type":"number","description_kind":"plain","computed":true},"kind":{"type":"string","description_kind":"plain","optional":true},"name":{"type":"string","description_kind":"plain","required":true},"updated_at":{"type":"string","description_kind":"plain","computed":true}},"block_types":{"statement":{"nesting_mode":"list","block":{"attributes":{"match_expression":{"type":"string","description_kind":"plain","required":true},"value_expression":{"type":"string","description_kind":"plain","required":true}},"description_kind":"plain"}}},"description_kind":"plain"}},"cloudability_linked_account":{"version":0,"block":{"attributes":{"authorization":{"type":["set",["object",{"external_id":"string","role_name":"string","type":"string"}]],"description":"Object contain vendor specific authorization details","description_kind":"plain","computed":true},"created_at":{"type":"string","description":"Date timestamp corresponding to cloudability credential creation time","description_kind":"plain","computed":true},"external_id":{"type":"string","description":"The external ID used to prevent confused deputies. Generated by Cloudability","description_kind":"plain","computed":true},"id":{"type":"string","description_kind":"plain","optional":true,"computed":true},"parent_account_id":{"type":"string","description":"12 digit string representing parent's account ID (if current cred is a linked account)","description_kind":"plain","computed":true},"type":{"type":"string","description":"'aws_role' or 'aws_user'","description_kind":"plain","optional":true},"vendor_account_id":{"type":"string","description":"12 digit string corresponding to your AWS account ID","description_kind":"plain","required":true},"vendor_account_name":{"type":"string","description":"The name given to your AWS account","description_kind":"plain","computed":true},"vendor_key":{"type":"string","description":"'aws'","description_kind":"plain","optional":true},"verification":{"type":["set",["object",{"last_verification_attempted_at":"string","message":"string","state":"string"}]],"description":"Object containing details of verification state","description_kind":"plain","computed":true}},"description_kind":"plain"}},"cloudability_master_account":{"version":0,"block":{"attributes":{"authorization":{"type":["set",["object",{"external_id":"string","role_name":"string","type":"string"}]],"description":"Object contain vendor specific authorization details","description_kind":"plain","computed":true},"bucket_name":{"type":"string","description":"Name of s3 bucket containing cost usage reports","description_kind":"plain","required":true},"created_at":{"type":"string","description":"Date timestamp corresponding to cloudability credential creation time","description_kind":"plain","computed":true},"external_id":{"type":"string","description":"The external ID used to prevent confused deputies. Generated by Cloudability","description_kind":"plain","computed":true},"id":{"type":"string","description_kind":"plain","optional":true,"computed":true},"parent_account_id":{"type":"string","description":"12 digit string representing parent's account ID (if current cred is a linked account)","description_kind":"plain","computed":true},"report_name":{"type":"string","description":"Name of cost and usage report","description_kind":"plain","required":true},"report_prefix":{"type":"string","description":"Cost and usage report prefix","description_kind":"plain","required":true},"type":{"type":"string","description":"'aws_role' or 'aws_user'","description_kind":"plain","optional":true},"vendor_account_id":{"type":"string","description":"12 digit string corresponding to your AWS account ID","description_kind":"plain","required":true},"vendor_account_name":{"type":"string","description":"The name given to your AWS account","description_kind":"plain","computed":true},"vendor_key":{"type":"string","description":"'aws'","description_kind":"plain","optional":true},"verification":{"type":["set",["object",{"last_verification_attempted_at":"string","message":"string","state":"string"}]],"description":"Object containing details of verification state","description_kind":"plain","computed":true}},"description_kind":"plain"}},"cloudability_user":{"version":0,"block":{"attributes":{"default_dimension_filter_set_id":{"type":"number","description":"Filter set id used by default for the user","description_kind":"plain","optional":true},"email":{"type":"string","description":"The email address of the user","description_kind":"plain","required":true},"full_name":{"type":"string","description":"The full name of the user","description_kind":"plain","required":true},"id":{"type":"string","description_kind":"plain","optional":true,"computed":true},"restricted":{"type":"bool","description":"True if the user is allowed to have no filter set applied, false if they must always have a filter set applied","description_kind":"plain","optional":true},"role":{"type":"string","description":"Role assigned to the user: [User|Administrator]","description_kind":"plain","optional":true}},"description_kind":"plain"}},"cloudability_view":{"version":0,"block":{"attributes":{"id":{"type":"string","description_kind":"plain","optional":true,"computed":true},"shared_with_organization":{"type":"bool","description":"Whether the view should be accessible to the entire organization","description_kind":"plain","optional":true},"title":{"type":"string","description":"The name of the view as it will appear to the end users","description_kind":"plain","required":true}},"block_types":{"filter":{"nesting_mode":"list","block":{"attributes":{"comparator":{"type":"string","description_kind":"plain","required":true},"field":{"type":"string","description_kind":"plain","required":true},"value":{"type":"string","description_kind":"plain","required":true}},"description":"list of filter objects. If multiple filters are applied on the same dimension they are OR'd, however if they are on different dimensions they are AND'd. See below regarding filter specifics.","description_kind":"plain"}}},"description_kind":"plain"}}},"data_source_schemas":{"cloudability_account_verification":{"version":0,"block":{"attributes":{"dependency":{"type":"string","description":"Dummy dependency to avoid depends_on bug","description_kind":"plain","optional":true},"external_id":{"type":"string","description":"The external ID used to prevent confused deputies. Generated by Cloudability","description_kind":"plain","computed":true},"id":{"type":"string","description_kind":"plain","optional":true,"computed":true},"last_verification_attempted_at":{"type":"string","description":"Date timestamp, example: 1970-01-01T00:00:00.000Z","description_kind":"plain","computed":true},"message":{"type":"string","description":"Error message for credentials in error state","description_kind":"plain","computed":true},"retry_count":{"type":"number","description":"Number of times to retry the verification","description_kind":"plain","optional":true},"retry_wait":{"type":"number","description":"Number of seconds to wait between verification retries","description_kind":"plain","optional":true},"state":{"type":"string","description":"Examples: unverified, verified, error","description_kind":"plain","computed":true},"vendor_account_id":{"type":"string","description":"12 digit string corresponding to your AWS account ID","description_kind":"plain","required":true},"vendor_key":{"type":"string","description":"'aws'","description_kind":"plain","optional":true}},"description_kind":"plain"}}}}}}
