{"format_version":"0.2","provider_schemas":{"registry.terraform.io/slalom-consulting-ltd/apigwdeployment":{"provider":{"version":0,"block":{"attributes":{"profile":{"type":"string","description_kind":"plain","optional":true}},"description_kind":"plain"}},"resource_schemas":{"apigwdeployment_methods":{"version":0,"block":{"attributes":{"account_id":{"type":"string","description_kind":"plain","optional":true},"canary_settings_percent_traffic":{"type":"number","description_kind":"plain","optional":true},"canary_settings_stage_variable_overrides":{"type":["map","string"],"description_kind":"plain","optional":true},"canary_settings_use_stage_cache":{"type":"bool","description_kind":"plain","optional":true},"created_date":{"type":"string","description_kind":"plain","computed":true},"description":{"type":"string","description_kind":"plain","optional":true},"execution_arn":{"type":"string","description_kind":"plain","computed":true},"id":{"type":"string","description_kind":"plain","optional":true,"computed":true},"invoke_url":{"type":"string","description_kind":"plain","computed":true},"rest_api_id":{"type":"string","description_kind":"plain","required":true},"stage_description":{"type":"string","description_kind":"plain","optional":true},"stage_name":{"type":"string","description_kind":"plain","optional":true},"triggers":{"type":["map","string"],"description_kind":"plain","optional":true},"variables":{"type":["map","string"],"description_kind":"plain","optional":true}},"description_kind":"plain"}}}}}}
