{"format_version":"0.2","provider_schemas":{"registry.terraform.io/sleuth-io/sleuth":{"provider":{"version":0,"block":{"attributes":{"api_key":{"type":"string","description_kind":"plain","required":true},"baseurl":{"type":"string","description_kind":"plain","optional":true}},"description_kind":"plain"}},"resource_schemas":{"sleuth_code_change_source":{"version":0,"block":{"attributes":{"auto_tracking_delay":{"type":"number","description":"The delay to add to a deployment event","description_kind":"markdown","optional":true},"collect_impact":{"type":"bool","description":"Whether to collect impact for its deploys","description_kind":"markdown","optional":true},"deploy_tracking_type":{"type":"string","description":"How to track deploys","description_kind":"markdown","required":true},"id":{"type":"string","description_kind":"plain","optional":true,"computed":true},"include_in_dashboard":{"type":"bool","description":"Whether to include deploys from this change source in the metrics dashboard","description_kind":"markdown","optional":true},"name":{"type":"string","description":"Change source name","description_kind":"markdown","required":true},"notify_in_slack":{"type":"bool","description":"Whether to send Slack notifications for deploys or not","description_kind":"markdown","optional":true},"path_prefix":{"type":"string","description":"What code source path to limit this deployment to. Useful for monorepos","description_kind":"markdown","optional":true},"project_slug":{"type":"string","description":"The project for this environment","description_kind":"markdown","required":true}},"block_types":{"environment_mappings":{"nesting_mode":"list","block":{"attributes":{"branch":{"type":"string","description":"The repository branch name for the environment","description_kind":"markdown","required":true},"environment_slug":{"type":"string","description":"The environment slug or id","description_kind":"markdown","required":true}},"description_kind":"plain"},"min_items":1},"repository":{"nesting_mode":"list","block":{"attributes":{"name":{"type":"string","description":"The repository name","description_kind":"markdown","required":true},"owner":{"type":"string","description":"The repository owner, usually the organization or user name","description_kind":"markdown","required":true},"provider":{"type":"string","description":"The repository provider, such as GITHUB","description_kind":"markdown","required":true},"url":{"type":"string","description":"The repository url, used for links","description_kind":"markdown","required":true}},"description_kind":"plain"},"min_items":1,"max_items":1}},"description":"Sleuth code change source.","description_kind":"markdown"}},"sleuth_environment":{"version":0,"block":{"attributes":{"color":{"type":"string","description":"The color for the UI","description_kind":"markdown","optional":true},"description":{"type":"string","description":"Environment description","description_kind":"markdown","optional":true},"id":{"type":"string","description_kind":"plain","optional":true,"computed":true},"name":{"type":"string","description":"Environment name","description_kind":"markdown","required":true},"project_slug":{"type":"string","description":"The project for this environment","description_kind":"markdown","required":true}},"description":"Sleuth environment.","description_kind":"markdown"}},"sleuth_error_impact_source":{"version":0,"block":{"attributes":{"environment_slug":{"type":"string","description":"The environment slug","description_kind":"markdown","required":true},"error_environment":{"type":"string","description":"The environment of the integration provider","description_kind":"markdown","required":true},"error_org_key":{"type":"string","description":"The organization key of the integration provider","description_kind":"markdown","required":true},"error_project_key":{"type":"string","description":"The project key of the integration provider","description_kind":"markdown","required":true},"id":{"type":"string","description_kind":"plain","optional":true,"computed":true},"manually_set_health_threshold":{"type":"number","description":"The manually set threshold to start marking failed values","description_kind":"markdown","optional":true},"name":{"type":"string","description":"Impact source name","description_kind":"markdown","required":true},"project_slug":{"type":"string","description":"The project for this impact source","description_kind":"markdown","required":true},"provider_type":{"type":"string","description":"Integration provider type","description_kind":"markdown","required":true}},"description":"Sleuth error impact source.","description_kind":"markdown"}},"sleuth_metric_impact_source":{"version":0,"block":{"attributes":{"environment_slug":{"type":"string","description":"The environment slug","description_kind":"markdown","required":true},"id":{"type":"string","description_kind":"plain","optional":true,"computed":true},"less_is_better":{"type":"bool","description":"Whether smaller values are better or not","description_kind":"markdown","optional":true},"manually_set_health_threshold":{"type":"number","description":"The manually set threshold to start marking failed values","description_kind":"markdown","optional":true},"name":{"type":"string","description":"Impact source name","description_kind":"markdown","required":true},"project_slug":{"type":"string","description":"The project for this environment","description_kind":"markdown","required":true},"provider_type":{"type":"string","description":"Integration provider type","description_kind":"markdown","required":true},"query":{"type":"string","description":"The metric query","description_kind":"markdown","required":true}},"description":"Sleuth error impact source.","description_kind":"markdown"}},"sleuth_project":{"version":0,"block":{"attributes":{"build_provider":{"type":"string","description":"Where to find builds related to changes","description_kind":"markdown","optional":true},"change_failure_rate_boundary":{"type":"string","description":"The health rating at which point it will be considered a failure","description_kind":"markdown","optional":true},"description":{"type":"string","description":"Project description","description_kind":"markdown","optional":true},"failure_sensitivity":{"type":"number","description":"The amount of time (in seconds) a deploy must spend in a failure status (Unhealthy, Incident, etc.) before it is determined a failure. Setting this value to a longer time means that less deploys will be classified.","description_kind":"markdown","optional":true},"id":{"type":"string","description_kind":"plain","optional":true,"computed":true},"impact_sensitivity":{"type":"string","description":"How many impact measures Sleuth takes into account when auto-determining a deploys health.","description_kind":"markdown","optional":true},"issue_tracker_provider_type":{"type":"string","description":"Where to find issues linked to by changes","description_kind":"markdown","optional":true},"name":{"type":"string","description":"Project name","description_kind":"markdown","required":true},"slug":{"type":"string","description":"Project slug","description_kind":"markdown","computed":true}},"description":"Sleuth project.","description_kind":"markdown"}}}}}}
