{"format_version":"0.2","provider_schemas":{"registry.terraform.io/smutel/netbox":{"provider":{"version":0,"block":{"attributes":{"basepath":{"type":"string","description":"URL path to the netbox API.","description_kind":"plain","optional":true},"insecure":{"type":"bool","description":"Skip TLS certificate validation.","description_kind":"plain","optional":true},"private_key_file":{"type":"string","description":"Private Key used for Secrets","description_kind":"plain","optional":true},"scheme":{"type":"string","description":"Scheme used to reach netbox application.","description_kind":"plain","optional":true},"token":{"type":"string","description":"Token used for API operations.","description_kind":"plain","optional":true},"url":{"type":"string","description":"URL to reach netbox application.","description_kind":"plain","optional":true}},"description_kind":"plain"}},"resource_schemas":{"netbox_ipam_aggregate":{"version":0,"block":{"attributes":{"date_added":{"type":"string","description_kind":"plain","optional":true},"description":{"type":"string","description_kind":"plain","optional":true},"id":{"type":"string","description_kind":"plain","optional":true,"computed":true},"prefix":{"type":"string","description_kind":"plain","required":true},"rir_id":{"type":"number","description_kind":"plain","required":true}},"block_types":{"custom_field":{"nesting_mode":"set","block":{"attributes":{"name":{"type":"string","description_kind":"plain","required":true},"type":{"type":"string","description_kind":"plain","required":true},"value":{"type":"string","description_kind":"plain","required":true}},"description_kind":"plain"}},"tag":{"nesting_mode":"set","block":{"attributes":{"name":{"type":"string","description_kind":"plain","required":true},"slug":{"type":"string","description_kind":"plain","required":true}},"description_kind":"plain"}}},"description_kind":"plain"}},"netbox_ipam_ip_addresses":{"version":0,"block":{"attributes":{"address":{"type":"string","description_kind":"plain","required":true},"description":{"type":"string","description_kind":"plain","optional":true},"dns_name":{"type":"string","description_kind":"plain","optional":true},"id":{"type":"string","description_kind":"plain","optional":true,"computed":true},"nat_inside_id":{"type":"number","description_kind":"plain","optional":true},"object_id":{"type":"number","description_kind":"plain","optional":true},"object_type":{"type":"string","description_kind":"plain","optional":true},"primary_ip4":{"type":"bool","description_kind":"plain","optional":true},"role":{"type":"string","description_kind":"plain","optional":true},"status":{"type":"string","description_kind":"plain","optional":true},"tenant_id":{"type":"number","description_kind":"plain","optional":true},"vrf_id":{"type":"number","description_kind":"plain","optional":true}},"block_types":{"custom_field":{"nesting_mode":"set","block":{"attributes":{"name":{"type":"string","description_kind":"plain","required":true},"type":{"type":"string","description_kind":"plain","required":true},"value":{"type":"string","description_kind":"plain","required":true}},"description_kind":"plain"}},"tag":{"nesting_mode":"set","block":{"attributes":{"name":{"type":"string","description_kind":"plain","required":true},"slug":{"type":"string","description_kind":"plain","required":true}},"description_kind":"plain"}}},"description_kind":"plain"}},"netbox_ipam_prefix":{"version":0,"block":{"attributes":{"description":{"type":"string","description_kind":"plain","optional":true},"id":{"type":"string","description_kind":"plain","optional":true,"computed":true},"is_pool":{"type":"bool","description_kind":"plain","optional":true},"prefix":{"type":"string","description_kind":"plain","required":true},"role_id":{"type":"number","description_kind":"plain","optional":true},"site_id":{"type":"number","description_kind":"plain","optional":true},"status":{"type":"string","description_kind":"plain","optional":true},"tenant_id":{"type":"number","description_kind":"plain","optional":true},"vlan_id":{"type":"number","description_kind":"plain","optional":true},"vrf_id":{"type":"number","description_kind":"plain","optional":true}},"block_types":{"tag":{"nesting_mode":"set","block":{"attributes":{"name":{"type":"string","description_kind":"plain","required":true},"slug":{"type":"string","description_kind":"plain","required":true}},"description_kind":"plain"}}},"description_kind":"plain"}},"netbox_ipam_service":{"version":0,"block":{"attributes":{"description":{"type":"string","description_kind":"plain","optional":true},"device_id":{"type":"number","description_kind":"plain","optional":true},"id":{"type":"string","description_kind":"plain","optional":true,"computed":true},"ip_addresses_id":{"type":["list","number"],"description_kind":"plain","optional":true},"name":{"type":"string","description_kind":"plain","required":true},"ports":{"type":["list","number"],"description_kind":"plain","required":true},"protocol":{"type":"string","description_kind":"plain","required":true},"virtualmachine_id":{"type":"number","description_kind":"plain","optional":true}},"block_types":{"custom_field":{"nesting_mode":"set","block":{"attributes":{"name":{"type":"string","description_kind":"plain","required":true},"type":{"type":"string","description_kind":"plain","required":true},"value":{"type":"string","description_kind":"plain","required":true}},"description_kind":"plain"}},"tag":{"nesting_mode":"set","block":{"attributes":{"name":{"type":"string","description_kind":"plain","required":true},"slug":{"type":"string","description_kind":"plain","required":true}},"description_kind":"plain"}}},"description_kind":"plain"}},"netbox_ipam_vlan":{"version":0,"block":{"attributes":{"description":{"type":"string","description_kind":"plain","optional":true},"id":{"type":"string","description_kind":"plain","optional":true,"computed":true},"name":{"type":"string","description_kind":"plain","required":true},"role_id":{"type":"number","description_kind":"plain","optional":true},"site_id":{"type":"number","description_kind":"plain","optional":true},"status":{"type":"string","description_kind":"plain","optional":true},"tenant_id":{"type":"number","description_kind":"plain","optional":true},"vlan_group_id":{"type":"number","description_kind":"plain","optional":true},"vlan_id":{"type":"number","description_kind":"plain","required":true}},"block_types":{"custom_field":{"nesting_mode":"set","block":{"attributes":{"name":{"type":"string","description_kind":"plain","required":true},"type":{"type":"string","description_kind":"plain","required":true},"value":{"type":"string","description_kind":"plain","required":true}},"description_kind":"plain"}},"tag":{"nesting_mode":"set","block":{"attributes":{"name":{"type":"string","description_kind":"plain","required":true},"slug":{"type":"string","description_kind":"plain","required":true}},"description_kind":"plain"}}},"description_kind":"plain"}},"netbox_ipam_vlan_group":{"version":0,"block":{"attributes":{"id":{"type":"string","description_kind":"plain","optional":true,"computed":true},"name":{"type":"string","description_kind":"plain","required":true},"slug":{"type":"string","description_kind":"plain","required":true}},"description_kind":"plain"}},"netbox_tenancy_tenant":{"version":0,"block":{"attributes":{"comments":{"type":"string","description_kind":"plain","optional":true},"description":{"type":"string","description_kind":"plain","optional":true},"id":{"type":"string","description_kind":"plain","optional":true,"computed":true},"name":{"type":"string","description_kind":"plain","required":true},"slug":{"type":"string","description_kind":"plain","required":true},"tenant_group_id":{"type":"number","description_kind":"plain","optional":true}},"block_types":{"custom_field":{"nesting_mode":"set","block":{"attributes":{"name":{"type":"string","description_kind":"plain","required":true},"type":{"type":"string","description_kind":"plain","required":true},"value":{"type":"string","description_kind":"plain","required":true}},"description_kind":"plain"}},"tag":{"nesting_mode":"set","block":{"attributes":{"name":{"type":"string","description_kind":"plain","required":true},"slug":{"type":"string","description_kind":"plain","required":true}},"description_kind":"plain"}}},"description_kind":"plain"}},"netbox_tenancy_tenant_group":{"version":0,"block":{"attributes":{"id":{"type":"string","description_kind":"plain","optional":true,"computed":true},"name":{"type":"string","description_kind":"plain","required":true},"slug":{"type":"string","description_kind":"plain","required":true}},"description_kind":"plain"}},"netbox_virtualization_interface":{"version":0,"block":{"attributes":{"description":{"type":"string","description_kind":"plain","optional":true},"enabled":{"type":"bool","description_kind":"plain","optional":true},"id":{"type":"string","description_kind":"plain","optional":true,"computed":true},"mac_address":{"type":"string","description_kind":"plain","optional":true},"mode":{"type":"string","description_kind":"plain","optional":true},"mtu":{"type":"number","description_kind":"plain","optional":true},"name":{"type":"string","description_kind":"plain","required":true},"tagged_vlans":{"type":["set","number"],"description_kind":"plain","optional":true},"type":{"type":"string","description_kind":"plain","computed":true},"untagged_vlan":{"type":"number","description_kind":"plain","optional":true},"virtualmachine_id":{"type":"number","description_kind":"plain","required":true}},"block_types":{"custom_field":{"nesting_mode":"set","block":{"attributes":{"name":{"type":"string","description_kind":"plain","required":true},"type":{"type":"string","description_kind":"plain","required":true},"value":{"type":"string","description_kind":"plain","required":true}},"description_kind":"plain"}},"tag":{"nesting_mode":"set","block":{"attributes":{"name":{"type":"string","description_kind":"plain","required":true},"slug":{"type":"string","description_kind":"plain","required":true}},"description_kind":"plain"}}},"description_kind":"plain"}},"netbox_virtualization_vm":{"version":0,"block":{"attributes":{"cluster_id":{"type":"number","description_kind":"plain","required":true},"comments":{"type":"string","description_kind":"plain","optional":true},"disk":{"type":"number","description_kind":"plain","optional":true},"id":{"type":"string","description_kind":"plain","optional":true,"computed":true},"local_context_data":{"type":"string","description_kind":"plain","optional":true},"memory":{"type":"number","description_kind":"plain","optional":true},"name":{"type":"string","description_kind":"plain","required":true},"platform_id":{"type":"number","description_kind":"plain","optional":true},"role_id":{"type":"number","description_kind":"plain","optional":true},"status":{"type":"string","description_kind":"plain","optional":true},"tenant_id":{"type":"number","description_kind":"plain","optional":true},"vcpus":{"type":"string","description_kind":"plain","optional":true}},"block_types":{"custom_field":{"nesting_mode":"set","block":{"attributes":{"name":{"type":"string","description_kind":"plain","required":true},"type":{"type":"string","description_kind":"plain","required":true},"value":{"type":"string","description_kind":"plain","required":true}},"description_kind":"plain"}},"tag":{"nesting_mode":"set","block":{"attributes":{"name":{"type":"string","description_kind":"plain","required":true},"slug":{"type":"string","description_kind":"plain","required":true}},"description_kind":"plain"}}},"description_kind":"plain"}}},"data_source_schemas":{"netbox_dcim_platform":{"version":0,"block":{"attributes":{"id":{"type":"string","description_kind":"plain","optional":true,"computed":true},"slug":{"type":"string","description_kind":"plain","required":true}},"description_kind":"plain"}},"netbox_dcim_site":{"version":0,"block":{"attributes":{"id":{"type":"string","description_kind":"plain","optional":true,"computed":true},"slug":{"type":"string","description_kind":"plain","required":true}},"description_kind":"plain"}},"netbox_ipam_aggregate":{"version":0,"block":{"attributes":{"id":{"type":"string","description_kind":"plain","optional":true,"computed":true},"prefix":{"type":"string","description_kind":"plain","required":true},"rir_id":{"type":"number","description_kind":"plain","required":true}},"description_kind":"plain"}},"netbox_ipam_ip_addresses":{"version":0,"block":{"attributes":{"address":{"type":"string","description_kind":"plain","required":true},"id":{"type":"string","description_kind":"plain","optional":true,"computed":true}},"description_kind":"plain"}},"netbox_ipam_role":{"version":0,"block":{"attributes":{"id":{"type":"string","description_kind":"plain","optional":true,"computed":true},"slug":{"type":"string","description_kind":"plain","required":true}},"description_kind":"plain"}},"netbox_ipam_service":{"version":0,"block":{"attributes":{"device_id":{"type":"number","description_kind":"plain","optional":true},"id":{"type":"string","description_kind":"plain","optional":true,"computed":true},"name":{"type":"string","description_kind":"plain","required":true},"port":{"type":"number","description_kind":"plain","required":true},"protocol":{"type":"string","description_kind":"plain","required":true},"virtualmachine_id":{"type":"number","description_kind":"plain","optional":true}},"description_kind":"plain"}},"netbox_ipam_vlan":{"version":0,"block":{"attributes":{"id":{"type":"string","description_kind":"plain","optional":true,"computed":true},"vlan_group_id":{"type":"number","description_kind":"plain","optional":true},"vlan_id":{"type":"number","description_kind":"plain","required":true}},"description_kind":"plain"}},"netbox_ipam_vlan_group":{"version":0,"block":{"attributes":{"id":{"type":"string","description_kind":"plain","optional":true,"computed":true},"slug":{"type":"string","description_kind":"plain","required":true}},"description_kind":"plain"}},"netbox_json_circuits_circuit_terminations_list":{"version":0,"block":{"attributes":{"id":{"type":"string","description_kind":"plain","optional":true,"computed":true},"json":{"type":"string","description_kind":"plain","computed":true},"limit":{"type":"number","description_kind":"plain","optional":true}},"description_kind":"plain"}},"netbox_json_circuits_circuit_types_list":{"version":0,"block":{"attributes":{"id":{"type":"string","description_kind":"plain","optional":true,"computed":true},"json":{"type":"string","description_kind":"plain","computed":true},"limit":{"type":"number","description_kind":"plain","optional":true}},"description_kind":"plain"}},"netbox_json_circuits_circuits_list":{"version":0,"block":{"attributes":{"id":{"type":"string","description_kind":"plain","optional":true,"computed":true},"json":{"type":"string","description_kind":"plain","computed":true},"limit":{"type":"number","description_kind":"plain","optional":true}},"description_kind":"plain"}},"netbox_json_circuits_providers_list":{"version":0,"block":{"attributes":{"id":{"type":"string","description_kind":"plain","optional":true,"computed":true},"json":{"type":"string","description_kind":"plain","computed":true},"limit":{"type":"number","description_kind":"plain","optional":true}},"description_kind":"plain"}},"netbox_json_dcim_cables_list":{"version":0,"block":{"attributes":{"id":{"type":"string","description_kind":"plain","optional":true,"computed":true},"json":{"type":"string","description_kind":"plain","computed":true},"limit":{"type":"number","description_kind":"plain","optional":true}},"description_kind":"plain"}},"netbox_json_dcim_console_connections_list":{"version":0,"block":{"attributes":{"id":{"type":"string","description_kind":"plain","optional":true,"computed":true},"json":{"type":"string","description_kind":"plain","computed":true},"limit":{"type":"number","description_kind":"plain","optional":true}},"description_kind":"plain"}},"netbox_json_dcim_console_port_templates_list":{"version":0,"block":{"attributes":{"id":{"type":"string","description_kind":"plain","optional":true,"computed":true},"json":{"type":"string","description_kind":"plain","computed":true},"limit":{"type":"number","description_kind":"plain","optional":true}},"description_kind":"plain"}},"netbox_json_dcim_console_ports_list":{"version":0,"block":{"attributes":{"id":{"type":"string","description_kind":"plain","optional":true,"computed":true},"json":{"type":"string","description_kind":"plain","computed":true},"limit":{"type":"number","description_kind":"plain","optional":true}},"description_kind":"plain"}},"netbox_json_dcim_console_server_port_templates_list":{"version":0,"block":{"attributes":{"id":{"type":"string","description_kind":"plain","optional":true,"computed":true},"json":{"type":"string","description_kind":"plain","computed":true},"limit":{"type":"number","description_kind":"plain","optional":true}},"description_kind":"plain"}},"netbox_json_dcim_console_server_ports_list":{"version":0,"block":{"attributes":{"id":{"type":"string","description_kind":"plain","optional":true,"computed":true},"json":{"type":"string","description_kind":"plain","computed":true},"limit":{"type":"number","description_kind":"plain","optional":true}},"description_kind":"plain"}},"netbox_json_dcim_device_bay_templates_list":{"version":0,"block":{"attributes":{"id":{"type":"string","description_kind":"plain","optional":true,"computed":true},"json":{"type":"string","description_kind":"plain","computed":true},"limit":{"type":"number","description_kind":"plain","optional":true}},"description_kind":"plain"}},"netbox_json_dcim_device_bays_list":{"version":0,"block":{"attributes":{"id":{"type":"string","description_kind":"plain","optional":true,"computed":true},"json":{"type":"string","description_kind":"plain","computed":true},"limit":{"type":"number","description_kind":"plain","optional":true}},"description_kind":"plain"}},"netbox_json_dcim_device_roles_list":{"version":0,"block":{"attributes":{"id":{"type":"string","description_kind":"plain","optional":true,"computed":true},"json":{"type":"string","description_kind":"plain","computed":true},"limit":{"type":"number","description_kind":"plain","optional":true}},"description_kind":"plain"}},"netbox_json_dcim_device_types_list":{"version":0,"block":{"attributes":{"id":{"type":"string","description_kind":"plain","optional":true,"computed":true},"json":{"type":"string","description_kind":"plain","computed":true},"limit":{"type":"number","description_kind":"plain","optional":true}},"description_kind":"plain"}},"netbox_json_dcim_devices_list":{"version":0,"block":{"attributes":{"id":{"type":"string","description_kind":"plain","optional":true,"computed":true},"json":{"type":"string","description_kind":"plain","computed":true},"limit":{"type":"number","description_kind":"plain","optional":true}},"description_kind":"plain"}},"netbox_json_dcim_front_port_templates_list":{"version":0,"block":{"attributes":{"id":{"type":"string","description_kind":"plain","optional":true,"computed":true},"json":{"type":"string","description_kind":"plain","computed":true},"limit":{"type":"number","description_kind":"plain","optional":true}},"description_kind":"plain"}},"netbox_json_dcim_front_ports_list":{"version":0,"block":{"attributes":{"id":{"type":"string","description_kind":"plain","optional":true,"computed":true},"json":{"type":"string","description_kind":"plain","computed":true},"limit":{"type":"number","description_kind":"plain","optional":true}},"description_kind":"plain"}},"netbox_json_dcim_interface_connections_list":{"version":0,"block":{"attributes":{"id":{"type":"string","description_kind":"plain","optional":true,"computed":true},"json":{"type":"string","description_kind":"plain","computed":true},"limit":{"type":"number","description_kind":"plain","optional":true}},"description_kind":"plain"}},"netbox_json_dcim_interface_templates_list":{"version":0,"block":{"attributes":{"id":{"type":"string","description_kind":"plain","optional":true,"computed":true},"json":{"type":"string","description_kind":"plain","computed":true},"limit":{"type":"number","description_kind":"plain","optional":true}},"description_kind":"plain"}},"netbox_json_dcim_interfaces_list":{"version":0,"block":{"attributes":{"id":{"type":"string","description_kind":"plain","optional":true,"computed":true},"json":{"type":"string","description_kind":"plain","computed":true},"limit":{"type":"number","description_kind":"plain","optional":true}},"description_kind":"plain"}},"netbox_json_dcim_inventory_items_list":{"version":0,"block":{"attributes":{"id":{"type":"string","description_kind":"plain","optional":true,"computed":true},"json":{"type":"string","description_kind":"plain","computed":true},"limit":{"type":"number","description_kind":"plain","optional":true}},"description_kind":"plain"}},"netbox_json_dcim_manufacturers_list":{"version":0,"block":{"attributes":{"id":{"type":"string","description_kind":"plain","optional":true,"computed":true},"json":{"type":"string","description_kind":"plain","computed":true},"limit":{"type":"number","description_kind":"plain","optional":true}},"description_kind":"plain"}},"netbox_json_dcim_platforms_list":{"version":0,"block":{"attributes":{"id":{"type":"string","description_kind":"plain","optional":true,"computed":true},"json":{"type":"string","description_kind":"plain","computed":true},"limit":{"type":"number","description_kind":"plain","optional":true}},"description_kind":"plain"}},"netbox_json_dcim_power_connections_list":{"version":0,"block":{"attributes":{"id":{"type":"string","description_kind":"plain","optional":true,"computed":true},"json":{"type":"string","description_kind":"plain","computed":true},"limit":{"type":"number","description_kind":"plain","optional":true}},"description_kind":"plain"}},"netbox_json_dcim_power_feeds_list":{"version":0,"block":{"attributes":{"id":{"type":"string","description_kind":"plain","optional":true,"computed":true},"json":{"type":"string","description_kind":"plain","computed":true},"limit":{"type":"number","description_kind":"plain","optional":true}},"description_kind":"plain"}},"netbox_json_dcim_power_outlet_templates_list":{"version":0,"block":{"attributes":{"id":{"type":"string","description_kind":"plain","optional":true,"computed":true},"json":{"type":"string","description_kind":"plain","computed":true},"limit":{"type":"number","description_kind":"plain","optional":true}},"description_kind":"plain"}},"netbox_json_dcim_power_outlets_list":{"version":0,"block":{"attributes":{"id":{"type":"string","description_kind":"plain","optional":true,"computed":true},"json":{"type":"string","description_kind":"plain","computed":true},"limit":{"type":"number","description_kind":"plain","optional":true}},"description_kind":"plain"}},"netbox_json_dcim_power_panels_list":{"version":0,"block":{"attributes":{"id":{"type":"string","description_kind":"plain","optional":true,"computed":true},"json":{"type":"string","description_kind":"plain","computed":true},"limit":{"type":"number","description_kind":"plain","optional":true}},"description_kind":"plain"}},"netbox_json_dcim_power_port_templates_list":{"version":0,"block":{"attributes":{"id":{"type":"string","description_kind":"plain","optional":true,"computed":true},"json":{"type":"string","description_kind":"plain","computed":true},"limit":{"type":"number","description_kind":"plain","optional":true}},"description_kind":"plain"}},"netbox_json_dcim_power_ports_list":{"version":0,"block":{"attributes":{"id":{"type":"string","description_kind":"plain","optional":true,"computed":true},"json":{"type":"string","description_kind":"plain","computed":true},"limit":{"type":"number","description_kind":"plain","optional":true}},"description_kind":"plain"}},"netbox_json_dcim_rack_reservations_list":{"version":0,"block":{"attributes":{"id":{"type":"string","description_kind":"plain","optional":true,"computed":true},"json":{"type":"string","description_kind":"plain","computed":true},"limit":{"type":"number","description_kind":"plain","optional":true}},"description_kind":"plain"}},"netbox_json_dcim_rack_roles_list":{"version":0,"block":{"attributes":{"id":{"type":"string","description_kind":"plain","optional":true,"computed":true},"json":{"type":"string","description_kind":"plain","computed":true},"limit":{"type":"number","description_kind":"plain","optional":true}},"description_kind":"plain"}},"netbox_json_dcim_racks_list":{"version":0,"block":{"attributes":{"id":{"type":"string","description_kind":"plain","optional":true,"computed":true},"json":{"type":"string","description_kind":"plain","computed":true},"limit":{"type":"number","description_kind":"plain","optional":true}},"description_kind":"plain"}},"netbox_json_dcim_rear_port_templates_list":{"version":0,"block":{"attributes":{"id":{"type":"string","description_kind":"plain","optional":true,"computed":true},"json":{"type":"string","description_kind":"plain","computed":true},"limit":{"type":"number","description_kind":"plain","optional":true}},"description_kind":"plain"}},"netbox_json_dcim_rear_ports_list":{"version":0,"block":{"attributes":{"id":{"type":"string","description_kind":"plain","optional":true,"computed":true},"json":{"type":"string","description_kind":"plain","computed":true},"limit":{"type":"number","description_kind":"plain","optional":true}},"description_kind":"plain"}},"netbox_json_dcim_regions_list":{"version":0,"block":{"attributes":{"id":{"type":"string","description_kind":"plain","optional":true,"computed":true},"json":{"type":"string","description_kind":"plain","computed":true},"limit":{"type":"number","description_kind":"plain","optional":true}},"description_kind":"plain"}},"netbox_json_dcim_sites_list":{"version":0,"block":{"attributes":{"id":{"type":"string","description_kind":"plain","optional":true,"computed":true},"json":{"type":"string","description_kind":"plain","computed":true},"limit":{"type":"number","description_kind":"plain","optional":true}},"description_kind":"plain"}},"netbox_json_dcim_virtual_chassis_list":{"version":0,"block":{"attributes":{"id":{"type":"string","description_kind":"plain","optional":true,"computed":true},"json":{"type":"string","description_kind":"plain","computed":true},"limit":{"type":"number","description_kind":"plain","optional":true}},"description_kind":"plain"}},"netbox_json_extras_config_contexts_list":{"version":0,"block":{"attributes":{"id":{"type":"string","description_kind":"plain","optional":true,"computed":true},"json":{"type":"string","description_kind":"plain","computed":true},"limit":{"type":"number","description_kind":"plain","optional":true}},"description_kind":"plain"}},"netbox_json_extras_export_templates_list":{"version":0,"block":{"attributes":{"id":{"type":"string","description_kind":"plain","optional":true,"computed":true},"json":{"type":"string","description_kind":"plain","computed":true},"limit":{"type":"number","description_kind":"plain","optional":true}},"description_kind":"plain"}},"netbox_json_extras_image_attachments_list":{"version":0,"block":{"attributes":{"id":{"type":"string","description_kind":"plain","optional":true,"computed":true},"json":{"type":"string","description_kind":"plain","computed":true},"limit":{"type":"number","description_kind":"plain","optional":true}},"description_kind":"plain"}},"netbox_json_extras_job_results_list":{"version":0,"block":{"attributes":{"id":{"type":"string","description_kind":"plain","optional":true,"computed":true},"json":{"type":"string","description_kind":"plain","computed":true},"limit":{"type":"number","description_kind":"plain","optional":true}},"description_kind":"plain"}},"netbox_json_extras_object_changes_list":{"version":0,"block":{"attributes":{"id":{"type":"string","description_kind":"plain","optional":true,"computed":true},"json":{"type":"string","description_kind":"plain","computed":true},"limit":{"type":"number","description_kind":"plain","optional":true}},"description_kind":"plain"}},"netbox_json_extras_tags_list":{"version":0,"block":{"attributes":{"id":{"type":"string","description_kind":"plain","optional":true,"computed":true},"json":{"type":"string","description_kind":"plain","computed":true},"limit":{"type":"number","description_kind":"plain","optional":true}},"description_kind":"plain"}},"netbox_json_ipam_aggregates_list":{"version":0,"block":{"attributes":{"id":{"type":"string","description_kind":"plain","optional":true,"computed":true},"json":{"type":"string","description_kind":"plain","computed":true},"limit":{"type":"number","description_kind":"plain","optional":true}},"description_kind":"plain"}},"netbox_json_ipam_ip_addresses_list":{"version":0,"block":{"attributes":{"id":{"type":"string","description_kind":"plain","optional":true,"computed":true},"json":{"type":"string","description_kind":"plain","computed":true},"limit":{"type":"number","description_kind":"plain","optional":true}},"description_kind":"plain"}},"netbox_json_ipam_prefixes_list":{"version":0,"block":{"attributes":{"id":{"type":"string","description_kind":"plain","optional":true,"computed":true},"json":{"type":"string","description_kind":"plain","computed":true},"limit":{"type":"number","description_kind":"plain","optional":true}},"description_kind":"plain"}},"netbox_json_ipam_rirs_list":{"version":0,"block":{"attributes":{"id":{"type":"string","description_kind":"plain","optional":true,"computed":true},"json":{"type":"string","description_kind":"plain","computed":true},"limit":{"type":"number","description_kind":"plain","optional":true}},"description_kind":"plain"}},"netbox_json_ipam_roles_list":{"version":0,"block":{"attributes":{"id":{"type":"string","description_kind":"plain","optional":true,"computed":true},"json":{"type":"string","description_kind":"plain","computed":true},"limit":{"type":"number","description_kind":"plain","optional":true}},"description_kind":"plain"}},"netbox_json_ipam_services_list":{"version":0,"block":{"attributes":{"id":{"type":"string","description_kind":"plain","optional":true,"computed":true},"json":{"type":"string","description_kind":"plain","computed":true},"limit":{"type":"number","description_kind":"plain","optional":true}},"description_kind":"plain"}},"netbox_json_ipam_vlan_groups_list":{"version":0,"block":{"attributes":{"id":{"type":"string","description_kind":"plain","optional":true,"computed":true},"json":{"type":"string","description_kind":"plain","computed":true},"limit":{"type":"number","description_kind":"plain","optional":true}},"description_kind":"plain"}},"netbox_json_ipam_vlans_list":{"version":0,"block":{"attributes":{"id":{"type":"string","description_kind":"plain","optional":true,"computed":true},"json":{"type":"string","description_kind":"plain","computed":true},"limit":{"type":"number","description_kind":"plain","optional":true}},"description_kind":"plain"}},"netbox_json_ipam_vrfs_list":{"version":0,"block":{"attributes":{"id":{"type":"string","description_kind":"plain","optional":true,"computed":true},"json":{"type":"string","description_kind":"plain","computed":true},"limit":{"type":"number","description_kind":"plain","optional":true}},"description_kind":"plain"}},"netbox_json_secrets_secret_roles_list":{"version":0,"block":{"attributes":{"id":{"type":"string","description_kind":"plain","optional":true,"computed":true},"json":{"type":"string","description_kind":"plain","computed":true},"limit":{"type":"number","description_kind":"plain","optional":true}},"description_kind":"plain"}},"netbox_json_secrets_secrets_list":{"version":0,"block":{"attributes":{"id":{"type":"string","description_kind":"plain","optional":true,"computed":true},"json":{"type":"string","description_kind":"plain","computed":true},"limit":{"type":"number","description_kind":"plain","optional":true}},"description_kind":"plain"}},"netbox_json_tenancy_tenant_groups_list":{"version":0,"block":{"attributes":{"id":{"type":"string","description_kind":"plain","optional":true,"computed":true},"json":{"type":"string","description_kind":"plain","computed":true},"limit":{"type":"number","description_kind":"plain","optional":true}},"description_kind":"plain"}},"netbox_json_tenancy_tenants_list":{"version":0,"block":{"attributes":{"id":{"type":"string","description_kind":"plain","optional":true,"computed":true},"json":{"type":"string","description_kind":"plain","computed":true},"limit":{"type":"number","description_kind":"plain","optional":true}},"description_kind":"plain"}},"netbox_json_users_groups_list":{"version":0,"block":{"attributes":{"id":{"type":"string","description_kind":"plain","optional":true,"computed":true},"json":{"type":"string","description_kind":"plain","computed":true},"limit":{"type":"number","description_kind":"plain","optional":true}},"description_kind":"plain"}},"netbox_json_users_permissions_list":{"version":0,"block":{"attributes":{"id":{"type":"string","description_kind":"plain","optional":true,"computed":true},"json":{"type":"string","description_kind":"plain","computed":true},"limit":{"type":"number","description_kind":"plain","optional":true}},"description_kind":"plain"}},"netbox_json_users_users_list":{"version":0,"block":{"attributes":{"id":{"type":"string","description_kind":"plain","optional":true,"computed":true},"json":{"type":"string","description_kind":"plain","computed":true},"limit":{"type":"number","description_kind":"plain","optional":true}},"description_kind":"plain"}},"netbox_json_virtualization_cluster_groups_list":{"version":0,"block":{"attributes":{"id":{"type":"string","description_kind":"plain","optional":true,"computed":true},"json":{"type":"string","description_kind":"plain","computed":true},"limit":{"type":"number","description_kind":"plain","optional":true}},"description_kind":"plain"}},"netbox_json_virtualization_cluster_types_list":{"version":0,"block":{"attributes":{"id":{"type":"string","description_kind":"plain","optional":true,"computed":true},"json":{"type":"string","description_kind":"plain","computed":true},"limit":{"type":"number","description_kind":"plain","optional":true}},"description_kind":"plain"}},"netbox_json_virtualization_clusters_list":{"version":0,"block":{"attributes":{"id":{"type":"string","description_kind":"plain","optional":true,"computed":true},"json":{"type":"string","description_kind":"plain","computed":true},"limit":{"type":"number","description_kind":"plain","optional":true}},"description_kind":"plain"}},"netbox_json_virtualization_interfaces_list":{"version":0,"block":{"attributes":{"id":{"type":"string","description_kind":"plain","optional":true,"computed":true},"json":{"type":"string","description_kind":"plain","computed":true},"limit":{"type":"number","description_kind":"plain","optional":true}},"description_kind":"plain"}},"netbox_json_virtualization_virtual_machines_list":{"version":0,"block":{"attributes":{"id":{"type":"string","description_kind":"plain","optional":true,"computed":true},"json":{"type":"string","description_kind":"plain","computed":true},"limit":{"type":"number","description_kind":"plain","optional":true}},"description_kind":"plain"}},"netbox_tenancy_tenant":{"version":0,"block":{"attributes":{"id":{"type":"string","description_kind":"plain","optional":true,"computed":true},"slug":{"type":"string","description_kind":"plain","required":true}},"description_kind":"plain"}},"netbox_tenancy_tenant_group":{"version":0,"block":{"attributes":{"id":{"type":"string","description_kind":"plain","optional":true,"computed":true},"slug":{"type":"string","description_kind":"plain","required":true}},"description_kind":"plain"}},"netbox_virtualization_cluster":{"version":0,"block":{"attributes":{"id":{"type":"string","description_kind":"plain","optional":true,"computed":true},"name":{"type":"string","description_kind":"plain","required":true}},"description_kind":"plain"}}}}}}
