{"format_version":"0.2","provider_schemas":{"registry.terraform.io/smutel/centreon":{"provider":{"version":0,"block":{"attributes":{"allow_unverified_ssl":{"type":"bool","description":"To disable checking the SSL cert.","description_kind":"plain","optional":true},"password":{"type":"string","description":"The user password for centreon API operations.","description_kind":"plain","optional":true},"url":{"type":"string","description":"URL to reach centreon web application.","description_kind":"plain","optional":true},"user":{"type":"string","description":"The user name for centreon API operations.","description_kind":"plain","optional":true}},"description_kind":"plain"}},"resource_schemas":{"centreon_command":{"version":0,"block":{"attributes":{"id":{"type":"string","description_kind":"plain","optional":true,"computed":true},"line":{"type":"string","description_kind":"plain","required":true},"name":{"type":"string","description_kind":"plain","required":true},"type":{"type":"string","description_kind":"plain","required":true}},"description_kind":"plain"}},"centreon_host":{"version":0,"block":{"attributes":{"acknowledgement_timeout":{"type":"number","description_kind":"plain","optional":true},"action_url":{"type":"string","description_kind":"plain","optional":true},"activate":{"type":"bool","description_kind":"plain","optional":true},"active_checks_enabled":{"type":"string","description_kind":"plain","optional":true},"address":{"type":"string","description_kind":"plain","required":true},"alias":{"type":"string","description_kind":"plain","required":true},"cg_additive_inheritance":{"type":"bool","description_kind":"plain","optional":true},"check_command":{"type":"string","description_kind":"plain","optional":true},"check_command_arguments":{"type":"string","description_kind":"plain","optional":true},"check_freshness":{"type":"string","description_kind":"plain","optional":true},"check_interval":{"type":"number","description_kind":"plain","optional":true},"check_period":{"type":"string","description_kind":"plain","optional":true},"contact_additive_inheritance":{"type":"bool","description_kind":"plain","optional":true},"coords2d":{"type":"string","description_kind":"plain","optional":true},"coords3d":{"type":"string","description_kind":"plain","optional":true},"event_handler":{"type":"string","description_kind":"plain","optional":true},"event_handler_arguments":{"type":"string","description_kind":"plain","optional":true},"event_handler_enabled":{"type":"string","description_kind":"plain","optional":true},"first_notification_delay":{"type":"number","description_kind":"plain","optional":true},"flap_detection_enabled":{"type":"string","description_kind":"plain","optional":true},"flap_detection_options":{"type":"string","description_kind":"plain","optional":true},"freshness_threshold":{"type":"number","description_kind":"plain","optional":true},"high_flap_threshold":{"type":"number","description_kind":"plain","optional":true},"hostgroups":{"type":["set","string"],"description_kind":"plain","optional":true},"icon_image":{"type":"string","description_kind":"plain","optional":true},"icon_image_alt":{"type":"string","description_kind":"plain","optional":true},"id":{"type":"string","description_kind":"plain","optional":true,"computed":true},"instance":{"type":"string","description_kind":"plain","required":true},"linked_contact_groups":{"type":["set","string"],"description_kind":"plain","optional":true},"linked_contacts":{"type":["set","string"],"description_kind":"plain","optional":true},"low_flap_threshold":{"type":"number","description_kind":"plain","optional":true},"max_check_attempts":{"type":"number","description_kind":"plain","optional":true},"name":{"type":"string","description_kind":"plain","required":true},"notes":{"type":"string","description_kind":"plain","optional":true},"notes_url":{"type":"string","description_kind":"plain","optional":true},"notification_interval":{"type":"number","description_kind":"plain","optional":true},"notification_none":{"type":"bool","description_kind":"plain","optional":true},"notification_options":{"type":["set","string"],"description_kind":"plain","optional":true},"notification_period":{"type":"string","description_kind":"plain","optional":true},"notifications_enabled":{"type":"string","description_kind":"plain","optional":true},"obsess_over_host":{"type":"string","description_kind":"plain","optional":true},"parents":{"type":["set","string"],"description_kind":"plain","optional":true},"passive_checks_enabled":{"type":"string","description_kind":"plain","optional":true},"process_perf_data":{"type":"string","description_kind":"plain","optional":true},"recovery_notification_delay":{"type":"number","description_kind":"plain","optional":true},"retain_nonstatus_information":{"type":"string","description_kind":"plain","optional":true},"retain_status_information":{"type":"string","description_kind":"plain","optional":true},"retry_check_interval":{"type":"number","description_kind":"plain","optional":true},"snmp_community":{"type":"string","description_kind":"plain","optional":true},"snmp_version":{"type":"string","description_kind":"plain","optional":true},"stalking_options":{"type":["set","string"],"description_kind":"plain","optional":true},"statusmap_image":{"type":"string","description_kind":"plain","optional":true},"templates":{"type":["set","string"],"description_kind":"plain","optional":true},"timezone":{"type":"string","description_kind":"plain","optional":true}},"block_types":{"macro":{"nesting_mode":"set","block":{"attributes":{"description":{"type":"string","description_kind":"plain","optional":true},"is_password":{"type":"bool","description_kind":"plain","optional":true},"name":{"type":"string","description_kind":"plain","required":true},"value":{"type":"string","description_kind":"plain","required":true}},"description_kind":"plain"}}},"description_kind":"plain"}},"centreon_timeperiod":{"version":0,"block":{"attributes":{"alias":{"type":"string","description_kind":"plain","required":true},"friday":{"type":"string","description_kind":"plain","optional":true},"id":{"type":"string","description_kind":"plain","optional":true,"computed":true},"monday":{"type":"string","description_kind":"plain","optional":true},"name":{"type":"string","description_kind":"plain","required":true},"saturday":{"type":"string","description_kind":"plain","optional":true},"sunday":{"type":"string","description_kind":"plain","optional":true},"thursday":{"type":"string","description_kind":"plain","optional":true},"tuesday":{"type":"string","description_kind":"plain","optional":true},"wednesday":{"type":"string","description_kind":"plain","optional":true}},"block_types":{"exception":{"nesting_mode":"set","block":{"attributes":{"days":{"type":"string","description_kind":"plain","required":true},"timerange":{"type":"string","description_kind":"plain","required":true}},"description_kind":"plain"}}},"description_kind":"plain"}}}}}}
