{"format_version":"0.2","provider_schemas":{"registry.terraform.io/snowplow-devops/redash":{"provider":{"version":0,"block":{"attributes":{"api_key":{"type":"string","description":"Redash API Key","description_kind":"plain","optional":true,"sensitive":true},"redash_uri":{"type":"string","description":"Redash API Key","description_kind":"plain","optional":true}},"description_kind":"plain"}},"resource_schemas":{"redash_data_source":{"version":0,"block":{"attributes":{"groups":{"type":["list","string"],"description_kind":"plain","optional":true},"id":{"type":"string","description_kind":"plain","optional":true,"computed":true},"last_updated":{"type":"string","description_kind":"plain","optional":true,"computed":true},"name":{"type":"string","description_kind":"plain","required":true},"pause_reason":{"type":"string","description_kind":"plain","computed":true},"paused":{"type":"number","description_kind":"plain","computed":true},"queue_name":{"type":"string","description_kind":"plain","computed":true},"scheduled_queue_name":{"type":"string","description_kind":"plain","computed":true},"syntax":{"type":"string","description_kind":"plain","computed":true},"type":{"type":"string","description_kind":"plain","required":true}},"block_types":{"options":{"nesting_mode":"list","block":{"attributes":{"access_key":{"type":"string","description_kind":"plain","optional":true},"account":{"type":"string","description_kind":"plain","optional":true},"adhoc_query_group":{"type":"string","description_kind":"plain","optional":true},"allowed_schemas":{"type":"string","description_kind":"plain","optional":true},"api_key":{"type":"string","description_kind":"plain","optional":true,"sensitive":true},"api_server":{"type":"string","description_kind":"plain","optional":true},"api_version":{"type":"string","description_kind":"plain","optional":true},"apikey":{"type":"string","description_kind":"plain","optional":true},"aws_access_key":{"type":"string","description_kind":"plain","optional":true},"aws_secret_key":{"type":"string","description_kind":"plain","optional":true,"sensitive":true},"azure_ad_client_id":{"type":"string","description_kind":"plain","optional":true},"azure_ad_client_secret":{"type":"string","description_kind":"plain","optional":true,"sensitive":true},"azure_ad_tenant_id":{"type":"string","description_kind":"plain","optional":true},"basic_auth_password":{"type":"string","description_kind":"plain","optional":true,"sensitive":true},"basic_auth_user":{"type":"string","description_kind":"plain","optional":true},"catalog":{"type":"string","description_kind":"plain","optional":true},"charset":{"type":"string","description_kind":"plain","optional":true},"cluster":{"type":"string","description_kind":"plain","optional":true},"connection_string":{"type":"string","description_kind":"plain","optional":true},"connection_timeout":{"type":"number","description_kind":"plain","optional":true},"customer_id":{"type":"string","description_kind":"plain","optional":true},"database":{"type":"string","description_kind":"plain","optional":true},"db":{"type":"string","description_kind":"plain","optional":true},"db_name":{"type":"string","description_kind":"plain","optional":true},"dbname":{"type":"string","description_kind":"plain","optional":true},"dbpath":{"type":"string","description_kind":"plain","optional":true},"encryption_option":{"type":"string","description_kind":"plain","optional":true},"endpoint":{"type":"string","description_kind":"plain","optional":true},"expression":{"type":"string","description_kind":"plain","optional":true},"get_schema":{"type":"bool","description_kind":"plain","optional":true},"glue":{"type":"bool","description_kind":"plain","optional":true},"host":{"type":"string","description_kind":"plain","optional":true},"hostname":{"type":"string","description_kind":"plain","optional":true},"http_password":{"type":"string","description_kind":"plain","optional":true,"sensitive":true},"http_path":{"type":"string","description_kind":"plain","optional":true},"http_scheme":{"type":"string","description_kind":"plain","optional":true},"json_key_file":{"type":"string","description_kind":"plain","optional":true,"sensitive":true},"key":{"type":"string","description_kind":"plain","optional":true,"sensitive":true},"keyspace":{"type":"string","description_kind":"plain","optional":true},"kms_key":{"type":"string","description_kind":"plain","optional":true},"ldap_password":{"type":"string","description_kind":"plain","optional":true,"sensitive":true},"ldap_user":{"type":"string","description_kind":"plain","optional":true},"limit":{"type":"number","description_kind":"plain","optional":true},"load_schema":{"type":"bool","description_kind":"plain","optional":true},"location":{"type":"string","description_kind":"plain","optional":true},"maximum_billing_tier":{"type":"number","description_kind":"plain","optional":true},"min_insert_date":{"type":"string","description_kind":"plain","optional":true},"passwd":{"type":"string","description_kind":"plain","optional":true,"sensitive":true},"password":{"type":"string","description_kind":"plain","optional":true,"sensitive":true},"port":{"type":"number","description_kind":"plain","optional":true},"project":{"type":"string","description_kind":"plain","optional":true},"project_id":{"type":"string","description_kind":"plain","optional":true},"protocol":{"type":"number","description_kind":"plain","optional":true},"query_type":{"type":"string","description_kind":"plain","optional":true},"read_timeout":{"type":"number","description_kind":"plain","optional":true},"region":{"type":"string","description_kind":"plain","optional":true},"replica_set_name":{"type":"string","description_kind":"plain","optional":true},"s3_staging_dir":{"type":"string","description_kind":"plain","optional":true},"sandbox":{"type":"bool","description_kind":"plain","optional":true},"scheduled_query_group":{"type":"string","description_kind":"plain","optional":true},"schema":{"type":"string","description_kind":"plain","optional":true},"scheme":{"type":"string","description_kind":"plain","optional":true},"secret":{"type":"string","description_kind":"plain","optional":true,"sensitive":true},"secret_key":{"type":"string","description_kind":"plain","optional":true,"sensitive":true},"server":{"type":"string","description_kind":"plain","optional":true},"servers":{"type":"string","description_kind":"plain","optional":true},"ssl_cacert":{"type":"string","description_kind":"plain","optional":true},"ssl_cert":{"type":"string","description_kind":"plain","optional":true},"ssl_key":{"type":"string","description_kind":"plain","optional":true},"sslmode":{"type":"string","description_kind":"plain","optional":true},"tds_version":{"type":"string","description_kind":"plain","optional":true},"timeout":{"type":"number","description_kind":"plain","optional":true},"token":{"type":"string","description_kind":"plain","optional":true},"total_mbytes_processed_limit":{"type":"number","description_kind":"plain","optional":true},"trust_certificate":{"type":"bool","description_kind":"plain","optional":true},"type":{"type":"string","description_kind":"plain","optional":true},"url":{"type":"string","description_kind":"plain","optional":true},"use_aws_iam_profile":{"type":"bool","description_kind":"plain","optional":true},"use_ldap":{"type":"bool","description_kind":"plain","optional":true},"use_ssl":{"type":"bool","description_kind":"plain","optional":true},"use_standard_sql":{"type":"bool","description_kind":"plain","optional":true},"user":{"type":"string","description_kind":"plain","optional":true},"user_defined_function_resource_uri":{"type":"string","description_kind":"plain","optional":true},"username":{"type":"string","description_kind":"plain","optional":true},"verify":{"type":"bool","description_kind":"plain","optional":true},"verify_ssl":{"type":"bool","description_kind":"plain","optional":true},"warehouse":{"type":"string","description_kind":"plain","optional":true},"work_group":{"type":"string","description_kind":"plain","optional":true}},"description_kind":"plain"},"min_items":1,"max_items":1}},"description_kind":"plain"}},"redash_group":{"version":0,"block":{"attributes":{"id":{"type":"string","description_kind":"plain","optional":true,"computed":true},"name":{"type":"string","description_kind":"plain","required":true},"permissions":{"type":["list","string"],"description_kind":"plain","computed":true},"type":{"type":"string","description_kind":"plain","computed":true}},"description_kind":"plain"}},"redash_group_data_source_attachment":{"version":0,"block":{"attributes":{"data_source_id":{"type":"number","description_kind":"plain","required":true},"group_id":{"type":"number","description_kind":"plain","required":true},"id":{"type":"string","description_kind":"plain","optional":true,"computed":true}},"description_kind":"plain"}},"redash_user":{"version":0,"block":{"attributes":{"active_at":{"type":"string","description_kind":"plain","computed":true},"auth_type":{"type":"string","description_kind":"plain","computed":true},"created_at":{"type":"string","description_kind":"plain","computed":true},"disabled_at":{"type":"string","description_kind":"plain","computed":true},"email":{"type":"string","description_kind":"plain","required":true},"groups":{"type":["list","number"],"description_kind":"plain","optional":true},"id":{"type":"string","description_kind":"plain","optional":true,"computed":true},"is_disabled":{"type":"bool","description_kind":"plain","computed":true},"is_email_verified":{"type":"bool","description_kind":"plain","computed":true},"is_invitation_pending":{"type":"bool","description_kind":"plain","computed":true},"name":{"type":"string","description_kind":"plain","required":true},"profile_image_url":{"type":"string","description_kind":"plain","computed":true},"updated_at":{"type":"string","description_kind":"plain","computed":true}},"description_kind":"plain"}}},"data_source_schemas":{"redash_data_source":{"version":0,"block":{"attributes":{"id":{"type":"number","description_kind":"plain","required":true},"name":{"type":"string","description_kind":"plain","computed":true},"options":{"type":["map","string"],"description_kind":"plain","computed":true},"pause_reason":{"type":"string","description_kind":"plain","computed":true},"paused":{"type":"number","description_kind":"plain","computed":true},"queue_name":{"type":"string","description_kind":"plain","computed":true},"scheduled_queue_name":{"type":"string","description_kind":"plain","computed":true},"syntax":{"type":"string","description_kind":"plain","computed":true},"type":{"type":"string","description_kind":"plain","computed":true}},"description_kind":"plain"}},"redash_group":{"version":0,"block":{"attributes":{"id":{"type":"number","description_kind":"plain","required":true},"name":{"type":"string","description_kind":"plain","computed":true}},"description_kind":"plain"}},"redash_user":{"version":0,"block":{"attributes":{"email":{"type":"string","description_kind":"plain","required":true},"id":{"type":"number","description_kind":"plain","computed":true}},"description_kind":"plain"}}}}}}
