{"format_version":"0.2","provider_schemas":{"registry.terraform.io/sorcero/go-cat":{"provider":{"version":0,"block":{"attributes":{"git_password":{"type":"string","description_kind":"plain","optional":true,"sensitive":true},"git_url":{"type":"string","description_kind":"plain","optional":true},"git_username":{"type":"string","description_kind":"plain","optional":true}},"description_kind":"plain"}},"resource_schemas":{"gocat_infra":{"version":0,"block":{"attributes":{"cloud":{"type":"string","description_kind":"plain","required":true},"cloud_project_id":{"type":"string","description_kind":"plain","optional":true},"commit_sha":{"type":"string","description_kind":"plain","optional":true},"deployment_link":{"type":"string","description_kind":"plain","optional":true},"deployment_links":{"type":["list","string"],"description_kind":"plain","optional":true},"id":{"type":"string","description_kind":"plain","optional":true,"computed":true},"monitoring_link":{"type":"string","description_kind":"plain","optional":true},"name":{"type":"string","description_kind":"plain","required":true},"parameters":{"type":["map","string"],"description_kind":"plain","optional":true},"subsystem":{"type":"string","description_kind":"plain","optional":true},"type":{"type":"string","description_kind":"plain","optional":true},"version":{"type":"string","description_kind":"plain","optional":true}},"description_kind":"plain"}}},"data_source_schemas":{"gocat_infra":{"version":0,"block":{"attributes":{"commit_sha":{"type":"string","description_kind":"plain","computed":true},"deployment_link":{"type":"string","description_kind":"plain","computed":true},"deployment_links":{"type":["list","string"],"description_kind":"plain","computed":true},"id":{"type":"string","description_kind":"plain","required":true}},"description_kind":"plain"}}}}}}
