{"format_version":"0.2","provider_schemas":{"registry.terraform.io/spacelift-io/spacelift":{"provider":{"version":0,"block":{"attributes":{"api_key_endpoint":{"type":"string","description":"Endpoint to use when authenticating with an API key outside of Spacelift","description_kind":"plain","optional":true},"api_key_id":{"type":"string","description":"ID of the API key to use when executing outside of Spacelift","description_kind":"plain","optional":true},"api_key_secret":{"type":"string","description":"API key secret to use when executing outside of Spacelift","description_kind":"plain","optional":true,"sensitive":true},"api_token":{"type":"string","description":"Spacelift token generated by a run, only useful from within Spacelift","description_kind":"plain","optional":true,"sensitive":true}},"description_kind":"plain"}},"resource_schemas":{"spacelift_aws_role":{"version":0,"block":{"attributes":{"external_id":{"type":"string","description":"Custom external ID (works only for private workers).","description_kind":"plain","optional":true},"generate_credentials_in_worker":{"type":"bool","description":"Generate AWS credentials in the private worker","description_kind":"plain","optional":true},"id":{"type":"string","description_kind":"plain","optional":true,"computed":true},"module_id":{"type":"string","description":"ID of the module which assumes the AWS IAM role","description_kind":"plain","optional":true},"role_arn":{"type":"string","description":"ARN of the AWS IAM role to attach","description_kind":"plain","required":true},"stack_id":{"type":"string","description":"ID of the stack which assumes the AWS IAM role","description_kind":"plain","optional":true}},"description":"`spacelift_aws_role` represents [cross-account IAM role delegation](https://docs.aws.amazon.com/IAM/latest/UserGuide/tutorial_cross-account-with-roles.html) between the Spacelift worker and an individual stack or module. If this is set, Spacelift will use AWS STS to assume the supplied IAM role and put its temporary credentials in the runtime environment.\n\nIf you use private workers, you can also assume IAM role on the worker side using your own AWS credentials (e.g. from EC2 instance profile).\n\nNote: when assuming credentials for **shared worker**, Spacelift will use `$accountName@$stackID` or `$accountName@$moduleID` as [external ID](https://docs.aws.amazon.com/IAM/latest/UserGuide/id_roles_create_for-user_externalid.html) and Run ID as [session ID](https://docs.aws.amazon.com/STS/latest/APIReference/API_AssumeRole).","description_kind":"plain"}},"spacelift_context":{"version":0,"block":{"attributes":{"description":{"type":"string","description":"Free-form context description for users","description_kind":"plain","optional":true},"id":{"type":"string","description_kind":"plain","optional":true,"computed":true},"labels":{"type":["set","string"],"description_kind":"plain","optional":true},"name":{"type":"string","description":"Name of the context - should be unique in one account","description_kind":"plain","required":true}},"description":"`spacelift_context` represents a Spacelift **context** - a collection of configuration elements (either environment variables or mounted files) that can be administratively attached to multiple stacks (`spacelift_stack`) or modules (`spacelift_module`) using a context attachment (`spacelift_context_attachment`)`","description_kind":"plain"}},"spacelift_context_attachment":{"version":0,"block":{"attributes":{"context_id":{"type":"string","description":"ID of the context to attach","description_kind":"plain","required":true},"id":{"type":"string","description_kind":"plain","optional":true,"computed":true},"module_id":{"type":"string","description":"ID of the module to attach the context to","description_kind":"plain","optional":true},"priority":{"type":"number","description":"Priority of the context attachment, used in case of conflicts","description_kind":"plain","optional":true},"stack_id":{"type":"string","description":"ID of the stack to attach the context to","description_kind":"plain","optional":true}},"description":"`spacelift_context_attachment` represents a Spacelift attachment of a single context to a single stack or module, with a predefined priority.","description_kind":"plain"}},"spacelift_drift_detection":{"version":0,"block":{"attributes":{"id":{"type":"string","description_kind":"plain","optional":true,"computed":true},"reconcile":{"type":"bool","description":"Whether a tracked run should be triggered when drift is detected.","description_kind":"plain","optional":true},"schedule":{"type":["list","string"],"description":"List of cron schedule expressions based on which drift detection should be triggered.","description_kind":"plain","required":true},"stack_id":{"type":"string","description":"ID of the stack for which to set up drift detection","description_kind":"plain","required":true}},"description":"`spacelift_drift_detection` represents a Drift Detection configuration for a Stack. It will trigger a proposed run on the given schedule, which you can listen for using run state webhooks. If reconcile is true, then a tracked run will be triggered when drift is detected.","description_kind":"plain"}},"spacelift_environment_variable":{"version":0,"block":{"attributes":{"checksum":{"type":"string","description":"SHA-256 checksum of the value","description_kind":"plain","computed":true},"context_id":{"type":"string","description":"ID of the context on which the environment variable is defined","description_kind":"plain","optional":true},"id":{"type":"string","description_kind":"plain","optional":true,"computed":true},"module_id":{"type":"string","description":"ID of the module on which the environment variable is defined","description_kind":"plain","optional":true},"name":{"type":"string","description":"Name of the environment variable","description_kind":"plain","required":true},"stack_id":{"type":"string","description":"ID of the stack on which the environment variable is defined","description_kind":"plain","optional":true},"value":{"type":"string","description":"Value of the environment variable","description_kind":"plain","required":true,"sensitive":true},"write_only":{"type":"bool","description":"Indicates whether the value can be read back outside a Run","description_kind":"plain","optional":true}},"description":"`spacelift_environment_variable` defines an environment variable on the context (`spacelift_context`), stack (`spacelift_stack`) or a module (`spacelift_module`), thereby allowing to pass and share various secrets and configuration with Spacelift stacks.","description_kind":"plain"}},"spacelift_gcp_service_account":{"version":0,"block":{"attributes":{"id":{"type":"string","description_kind":"plain","optional":true,"computed":true},"module_id":{"type":"string","description":"ID of the module which uses GCP service account credentials","description_kind":"plain","optional":true},"service_account_email":{"type":"string","description":"Email address of the GCP service account dedicated for this stack","description_kind":"plain","computed":true},"stack_id":{"type":"string","description":"ID of the stack which uses GCP service account credentials","description_kind":"plain","optional":true},"token_scopes":{"type":["set","string"],"description":"List of scopes that will be requested when generating temporary GCP service account credentials","description_kind":"plain","required":true}},"description":"`spacelift_gcp_service_account` represents a Google Cloud Platform service account that's linked to a particular Stack or Module. These accounts are created by Spacelift on per-stack basis, and can be added as members to as many organizations and projects as needed. During a Run or a Task, temporary credentials for those service accounts are injected into the environment, which allows credential-less GCP Terraform provider setup.","description_kind":"plain"}},"spacelift_module":{"version":0,"block":{"attributes":{"administrative":{"type":"bool","description":"Indicates whether this module can manage others","description_kind":"plain","optional":true},"aws_assume_role_policy_statement":{"type":"string","description":"AWS IAM assume role policy statement setting up trust relationship","description_kind":"plain","computed":true},"branch":{"type":"string","description":"GitHub branch to apply changes to","description_kind":"plain","required":true},"description":{"type":"string","description":"Free-form module description for users","description_kind":"plain","optional":true},"id":{"type":"string","description_kind":"plain","optional":true,"computed":true},"labels":{"type":["set","string"],"description_kind":"plain","optional":true},"name":{"type":"string","description":"The module name will by default be inferred from the repository name if it follows the terraform-provider-name naming convention. However, if the repository doesn't follow this convention, or you want to give it a custom name, you can provide it here.","description_kind":"plain","optional":true,"computed":true},"project_root":{"type":"string","description":"Project root is the optional directory relative to the repository root containing the module source code.","description_kind":"plain","optional":true},"repository":{"type":"string","description":"Name of the repository, without the owner part","description_kind":"plain","required":true},"shared_accounts":{"type":["set","string"],"description":"List of the accounts (subdomains) which should have access to the Module","description_kind":"plain","optional":true},"terraform_provider":{"type":"string","description":"The module provider will by default be inferred from the repository name if it follows the terraform-provider-name naming convention. However, if the repository doesn't follow this convention, or you gave the module a custom name, you can provide the provider name here.","description_kind":"plain","optional":true,"computed":true},"worker_pool_id":{"type":"string","description":"ID of the worker pool to use","description_kind":"plain","optional":true}},"block_types":{"bitbucket_cloud":{"nesting_mode":"list","block":{"attributes":{"namespace":{"type":"string","description":"The Bitbucket project containing the repository","description_kind":"plain","required":true}},"description_kind":"plain"},"max_items":1},"bitbucket_datacenter":{"nesting_mode":"list","block":{"attributes":{"namespace":{"type":"string","description":"The Bitbucket project containing the repository","description_kind":"plain","required":true}},"description_kind":"plain"},"max_items":1},"github_enterprise":{"nesting_mode":"list","block":{"attributes":{"namespace":{"type":"string","description":"The GitHub organization / user the repository belongs to","description_kind":"plain","required":true}},"description_kind":"plain"},"max_items":1},"gitlab":{"nesting_mode":"list","block":{"attributes":{"namespace":{"type":"string","description":"The GitLab namespace containing the repository","description_kind":"plain","required":true}},"description_kind":"plain"},"max_items":1}},"description":"`spacelift_module` is a special type of a stack used to test and version Terraform modules.","description_kind":"plain"}},"spacelift_mounted_file":{"version":0,"block":{"attributes":{"checksum":{"type":"string","description":"SHA-256 checksum of the value","description_kind":"plain","computed":true},"content":{"type":"string","description":"Content of the mounted file encoded using Base-64","description_kind":"plain","required":true,"sensitive":true},"context_id":{"type":"string","description":"ID of the context on which the mounted file is defined","description_kind":"plain","optional":true},"id":{"type":"string","description_kind":"plain","optional":true,"computed":true},"module_id":{"type":"string","description":"ID of the module on which the mounted file is defined","description_kind":"plain","optional":true},"relative_path":{"type":"string","description":"Relative path to the mounted file, without the /mnt/workspace/ prefix","description_kind":"plain","required":true},"stack_id":{"type":"string","description":"ID of the stack on which the mounted file is defined","description_kind":"plain","optional":true},"write_only":{"type":"bool","description":"Indicates whether the content can be read back outside a Run","description_kind":"plain","optional":true}},"description":"`spacelift_mounted_file` represents a file mounted in each Run's workspace that is part of a configuration of a context (`spacelift_context`), stack (`spacelift_stack`) or a module (`spacelift_module`). In principle, it's very similar to an environment variable (`spacelift_environment_variable`) except that the value is written to the filesystem rather than passed to the environment.","description_kind":"plain"}},"spacelift_policy":{"version":0,"block":{"attributes":{"body":{"type":"string","description":"Body of the policy","description_kind":"plain","required":true},"id":{"type":"string","description_kind":"plain","optional":true,"computed":true},"labels":{"type":["set","string"],"description_kind":"plain","optional":true},"name":{"type":"string","description":"Name of the policy - should be unique in one account","description_kind":"plain","required":true},"type":{"type":"string","description":"Body of the policy","description_kind":"plain","required":true}},"description":"`spacelift_policy` represents a Spacelift **policy** - a collection of customer-defined rules that are applied by Spacelift at one of the decision points within the application.","description_kind":"plain"}},"spacelift_policy_attachment":{"version":0,"block":{"attributes":{"id":{"type":"string","description_kind":"plain","optional":true,"computed":true},"module_id":{"type":"string","description":"ID of the module to attach the policy to","description_kind":"plain","optional":true},"policy_id":{"type":"string","description":"ID of the policy to attach","description_kind":"plain","required":true},"stack_id":{"type":"string","description":"ID of the stack to attach the policy to","description_kind":"plain","optional":true}},"description":"`spacelift_policy_attachment` represents a relationship between a policy (`spacelift_policy`) and a stack (`spacelift_stack`) or module (`spacelift_module`). Each policy can only be attached to a stack/module once. `LOGIN` policies are the exception because they apply globally and not to individual stacks/modules. An attempt to attach one will fail.","description_kind":"plain"}},"spacelift_run":{"version":0,"block":{"attributes":{"commit_sha":{"type":"string","description":"The commit SHA for which to trigger a run.","description_kind":"plain","optional":true},"id":{"type":"string","description":"The ID of the triggered run.","description_kind":"plain","computed":true},"keepers":{"type":["map","string"],"description":"Arbitrary map of values that, when changed, will trigger recreation of the resource.","description_kind":"plain","optional":true},"proposed":{"type":"bool","description":"Whether the run is a proposed run.","description_kind":"plain","optional":true},"stack_id":{"type":"string","description":"ID of the stack on which the run is to be triggered.","description_kind":"plain","required":true}},"description":"`spacelift_run` allows programmatically triggering runs in response to arbitrary changes in the keepers section.","description_kind":"plain"}},"spacelift_stack":{"version":0,"block":{"attributes":{"administrative":{"type":"bool","description":"Indicates whether this stack can manage others","description_kind":"plain","optional":true},"after_apply":{"type":["list","string"],"description":"List of after-apply scripts","description_kind":"plain","optional":true},"after_destroy":{"type":["list","string"],"description":"List of after-destroy scripts","description_kind":"plain","optional":true},"after_init":{"type":["list","string"],"description":"List of after-init scripts","description_kind":"plain","optional":true},"after_perform":{"type":["list","string"],"description":"List of after-perform scripts","description_kind":"plain","optional":true},"after_plan":{"type":["list","string"],"description":"List of after-plan scripts","description_kind":"plain","optional":true},"autodeploy":{"type":"bool","description":"Indicates whether changes to this stack can be automatically deployed","description_kind":"plain","optional":true},"autoretry":{"type":"bool","description":"Indicates whether obsolete proposed changes should automatically be retried","description_kind":"plain","optional":true},"aws_assume_role_policy_statement":{"type":"string","description":"AWS IAM assume role policy statement setting up trust relationship","description_kind":"plain","computed":true},"before_apply":{"type":["list","string"],"description":"List of before-apply scripts","description_kind":"plain","optional":true},"before_destroy":{"type":["list","string"],"description":"List of before-destroy scripts","description_kind":"plain","optional":true},"before_init":{"type":["list","string"],"description":"List of before-init scripts","description_kind":"plain","optional":true},"before_perform":{"type":["list","string"],"description":"List of before-perform scripts","description_kind":"plain","optional":true},"before_plan":{"type":["list","string"],"description":"List of before-plan scripts","description_kind":"plain","optional":true},"branch":{"type":"string","description":"GitHub branch to apply changes to","description_kind":"plain","required":true},"description":{"type":"string","description":"Free-form stack description for users","description_kind":"plain","optional":true},"enable_local_preview":{"type":"bool","description":"Indicates whether local preview runs can be triggered on this Stack","description_kind":"plain","optional":true},"id":{"type":"string","description_kind":"plain","optional":true,"computed":true},"import_state":{"type":"string","description":"State file to upload when creating a new stack","description_kind":"plain","optional":true},"labels":{"type":["set","string"],"description_kind":"plain","optional":true},"manage_state":{"type":"bool","description":"Determines if Spacelift should manage state for this stack","description_kind":"plain","optional":true},"name":{"type":"string","description":"Name of the stack - should be unique in one account","description_kind":"plain","required":true},"project_root":{"type":"string","description":"Project root is the optional directory relative to the workspace root containing the entrypoint to the Stack.","description_kind":"plain","optional":true},"repository":{"type":"string","description":"Name of the repository, without the owner part","description_kind":"plain","required":true},"runner_image":{"type":"string","description":"Name of the Docker image used to process Runs","description_kind":"plain","optional":true},"terraform_version":{"type":"string","description":"Terraform version to use","description_kind":"plain","optional":true},"terraform_workspace":{"type":"string","description":"Terraform workspace to select","description_kind":"plain","optional":true},"worker_pool_id":{"type":"string","description":"ID of the worker pool to use","description_kind":"plain","optional":true}},"block_types":{"bitbucket_cloud":{"nesting_mode":"list","block":{"attributes":{"namespace":{"type":"string","description":"The Bitbucket project containing the repository","description_kind":"plain","required":true}},"description_kind":"plain"},"max_items":1},"bitbucket_datacenter":{"nesting_mode":"list","block":{"attributes":{"namespace":{"type":"string","description":"The Bitbucket project containing the repository","description_kind":"plain","required":true}},"description_kind":"plain"},"max_items":1},"cloudformation":{"nesting_mode":"list","block":{"attributes":{"entry_template_file":{"type":"string","description":"Template file `cloudformation package` will be called on","description_kind":"plain","required":true},"region":{"type":"string","description":"AWS region to use","description_kind":"plain","required":true},"stack_name":{"type":"string","description":"CloudFormation stack name","description_kind":"plain","required":true},"template_bucket":{"type":"string","description":"S3 bucket to save CloudFormation templates to","description_kind":"plain","required":true}},"description":"CloudFormation-specific configuration. Presence means this Stack is a CloudFormation Stack.","description_kind":"plain"},"max_items":1},"github_enterprise":{"nesting_mode":"list","block":{"attributes":{"namespace":{"type":"string","description":"The GitHub organization / user the repository belongs to","description_kind":"plain","required":true}},"description_kind":"plain"},"max_items":1},"gitlab":{"nesting_mode":"list","block":{"attributes":{"namespace":{"type":"string","description":"The GitLab namespace containing the repository","description_kind":"plain","required":true}},"description_kind":"plain"},"max_items":1},"pulumi":{"nesting_mode":"list","block":{"attributes":{"login_url":{"type":"string","description":"State backend to log into on Run initialize.","description_kind":"plain","required":true},"stack_name":{"type":"string","description":"Pulumi stack name to use with the state backend.","description_kind":"plain","required":true}},"description":"Pulumi-specific configuration. Presence means this Stack is a Pulumi Stack.","description_kind":"plain"},"max_items":1},"showcase":{"nesting_mode":"list","block":{"attributes":{"namespace":{"type":"string","description_kind":"plain","required":true}},"description_kind":"plain"},"max_items":1}},"description":"`spacelift_stack` combines source code and configuration to create a runtime environment where resources are managed. In this way it's similar to a stack in AWS CloudFormation, or a project on generic CI/CD platforms.","description_kind":"plain"}},"spacelift_stack_aws_role":{"version":0,"block":{"attributes":{"external_id":{"type":"string","description":"Custom external ID (works only for private workers).","description_kind":"plain","optional":true},"generate_credentials_in_worker":{"type":"bool","description":"Generate AWS credentials in the private worker","description_kind":"plain","optional":true},"id":{"type":"string","description_kind":"plain","optional":true,"computed":true},"module_id":{"type":"string","description":"ID of the module which assumes the AWS IAM role","description_kind":"plain","optional":true},"role_arn":{"type":"string","description":"ARN of the AWS IAM role to attach","description_kind":"plain","required":true},"stack_id":{"type":"string","description":"ID of the stack which assumes the AWS IAM role","description_kind":"plain","optional":true}},"description":"`spacelift_aws_role` represents [cross-account IAM role delegation](https://docs.aws.amazon.com/IAM/latest/UserGuide/tutorial_cross-account-with-roles.html) between the Spacelift worker and an individual stack or module. If this is set, Spacelift will use AWS STS to assume the supplied IAM role and put its temporary credentials in the runtime environment.\n\nIf you use private workers, you can also assume IAM role on the worker side using your own AWS credentials (e.g. from EC2 instance profile).\n\nNote: when assuming credentials for **shared worker**, Spacelift will use `$accountName@$stackID` or `$accountName@$moduleID` as [external ID](https://docs.aws.amazon.com/IAM/latest/UserGuide/id_roles_create_for-user_externalid.html) and Run ID as [session ID](https://docs.aws.amazon.com/STS/latest/APIReference/API_AssumeRole).","description_kind":"plain","deprecated":true}},"spacelift_stack_destructor":{"version":0,"block":{"attributes":{"deactivated":{"type":"bool","description":"If set to true, destruction won't delete the stack","description_kind":"plain","optional":true},"id":{"type":"string","description_kind":"plain","optional":true,"computed":true},"stack_id":{"type":"string","description":"ID of the stack to delete and destroy on destruction","description_kind":"plain","required":true}},"block_types":{"timeouts":{"nesting_mode":"single","block":{"attributes":{"delete":{"type":"string","description_kind":"plain","optional":true}},"description_kind":"plain"}}},"description":"`spacelift_stack_destructor` is used to destroy the resources of a Stack before deleting it. `depends_on` should be used to make sure that all necessery resources (environment variables, roles, integrations, etc.) are still in place when the destruction run is executed.","description_kind":"plain"}},"spacelift_stack_gcp_service_account":{"version":0,"block":{"attributes":{"id":{"type":"string","description_kind":"plain","optional":true,"computed":true},"module_id":{"type":"string","description":"ID of the module which uses GCP service account credentials","description_kind":"plain","optional":true},"service_account_email":{"type":"string","description":"Email address of the GCP service account dedicated for this stack","description_kind":"plain","computed":true},"stack_id":{"type":"string","description":"ID of the stack which uses GCP service account credentials","description_kind":"plain","optional":true},"token_scopes":{"type":["set","string"],"description":"List of scopes that will be requested when generating temporary GCP service account credentials","description_kind":"plain","required":true}},"description":"`spacelift_gcp_service_account` represents a Google Cloud Platform service account that's linked to a particular Stack or Module. These accounts are created by Spacelift on per-stack basis, and can be added as members to as many organizations and projects as needed. During a Run or a Task, temporary credentials for those service accounts are injected into the environment, which allows credential-less GCP Terraform provider setup.","description_kind":"plain","deprecated":true}},"spacelift_webhook":{"version":0,"block":{"attributes":{"enabled":{"type":"bool","description":"enables or disables sending webhooks","description_kind":"plain","optional":true},"endpoint":{"type":"string","description":"endpoint to send the POST request to","description_kind":"plain","required":true},"id":{"type":"string","description_kind":"plain","optional":true,"computed":true},"module_id":{"type":"string","description":"ID of the module which triggers the webhooks","description_kind":"plain","optional":true},"secret":{"type":"string","description":"secret used to sign each POST request so you're able to verify that the request comes from us","description_kind":"plain","optional":true,"sensitive":true},"stack_id":{"type":"string","description":"ID of the stack which triggers the webhooks","description_kind":"plain","optional":true}},"description":"`spacelift_webhook` represents a webhook endpoint to which Spacelift sends the POST request about run state changes.","description_kind":"plain"}},"spacelift_worker_pool":{"version":0,"block":{"attributes":{"config":{"type":"string","description":"credentials necessary to connect WorkerPool's workers to the control plane","description_kind":"plain","computed":true,"sensitive":true},"csr":{"type":"string","description":"certificate signing request in base64","description_kind":"plain","optional":true,"computed":true,"sensitive":true},"description":{"type":"string","description":"description of the worker pool","description_kind":"plain","optional":true},"id":{"type":"string","description_kind":"plain","optional":true,"computed":true},"name":{"type":"string","description":"name of the worker pool","description_kind":"plain","required":true},"private_key":{"type":"string","description":"private key in base64","description_kind":"plain","computed":true,"sensitive":true}},"description":"`spacelift_worker_pool` represents a worker pool assigned to the Spacelift account.","description_kind":"plain"}}},"data_source_schemas":{"spacelift_aws_role":{"version":0,"block":{"attributes":{"external_id":{"type":"string","description":"Custom external ID (works only for private workers).","description_kind":"plain","computed":true},"generate_credentials_in_worker":{"type":"bool","description":"Generate AWS credentials in the private worker","description_kind":"plain","computed":true},"id":{"type":"string","description_kind":"plain","optional":true,"computed":true},"module_id":{"type":"string","description":"ID of the module which assumes the AWS IAM role","description_kind":"plain","optional":true},"role_arn":{"type":"string","description":"ARN of the AWS IAM role to attach","description_kind":"plain","computed":true},"stack_id":{"type":"string","description":"ID of the stack which assumes the AWS IAM role","description_kind":"plain","optional":true}},"description":"`spacelift_aws_role` represents [cross-account IAM role delegation](https://docs.aws.amazon.com/IAM/latest/UserGuide/tutorial_cross-account-with-roles.html) between the Spacelift worker and an individual stack or module. If this is set, Spacelift will use AWS STS to assume the supplied IAM role and put its temporary credentials in the runtime environment.\n\nIf you use private workers, you can also assume IAM role on the worker side using your own AWS credentials (e.g. from EC2 instance profile).\n\nNote: when assuming credentials for **shared worker**, Spacelift will use `$accountName@$stackID` or `$accountName@$moduleID` as [external ID](https://docs.aws.amazon.com/IAM/latest/UserGuide/id_roles_create_for-user_externalid.html) and Run ID as [session ID](https://docs.aws.amazon.com/STS/latest/APIReference/API_AssumeRole).","description_kind":"plain"}},"spacelift_azure_devops_integration":{"version":0,"block":{"attributes":{"id":{"type":"string","description_kind":"plain","optional":true,"computed":true},"organization_url":{"type":"string","description":"Azure DevOps integration organization url","description_kind":"plain","computed":true},"webhook_password":{"type":"string","description":"Azure DevOps integration webhook password","description_kind":"plain","computed":true}},"description":"`spacelift_azure_devops_integration` returns details about Azure DevOps integration","description_kind":"plain"}},"spacelift_bitbucket_cloud_integration":{"version":0,"block":{"attributes":{"id":{"type":"string","description_kind":"plain","optional":true,"computed":true},"username":{"type":"string","description":"Bitbucket Cloud username","description_kind":"plain","computed":true}},"description":"`spacelift_bitbucket_cloud_integration` returns details about Bitbucket Cloud integration","description_kind":"plain"}},"spacelift_bitbucket_datacenter_integration":{"version":0,"block":{"attributes":{"api_host":{"type":"string","description":"Bitbucket Datacenter integration api host","description_kind":"plain","computed":true},"id":{"type":"string","description_kind":"plain","optional":true,"computed":true},"user_facing_host":{"type":"string","description":"Bitbucket Datacenter integration user facing host","description_kind":"plain","computed":true},"webhook_secret":{"type":"string","description":"Bitbucket Datacenter integration webhook secret","description_kind":"plain","computed":true}},"description":"`spacelift_bitbucket_datacenter_integration` returns details about Bitbucket Datacenter integration","description_kind":"plain"}},"spacelift_context":{"version":0,"block":{"attributes":{"context_id":{"type":"string","description":"immutable ID (slug) of the context","description_kind":"plain","required":true},"description":{"type":"string","description":"free-form context description for users","description_kind":"plain","computed":true},"id":{"type":"string","description_kind":"plain","optional":true,"computed":true},"labels":{"type":["set","string"],"description_kind":"plain","computed":true},"name":{"type":"string","description":"name of the context","description_kind":"plain","computed":true}},"description":"`spacelift_context` represents a Spacelift **context** - a collection of configuration elements (either environment variables or mounted files) that can be administratively attached to multiple stacks (`spacelift_stack`) or modules (`spacelift_module`) using a context attachment (`spacelift_context_attachment`)`","description_kind":"plain"}},"spacelift_context_attachment":{"version":0,"block":{"attributes":{"context_id":{"type":"string","description":"ID of the attached context","description_kind":"plain","required":true},"id":{"type":"string","description_kind":"plain","optional":true,"computed":true},"module_id":{"type":"string","description":"ID of the attached module","description_kind":"plain","optional":true},"priority":{"type":"number","description":"priority of the context attachment, used in case of conflicts","description_kind":"plain","computed":true},"stack_id":{"type":"string","description":"ID of the attached stack","description_kind":"plain","optional":true}},"description":"`spacelift_context_attachment` represents a Spacelift attachment of a single context to a single stack or module, with a predefined priority.","description_kind":"plain"}},"spacelift_current_stack":{"version":0,"block":{"attributes":{"id":{"type":"string","description_kind":"plain","optional":true,"computed":true}},"description":"`spacelift_current_stack` is a data source that provides information about the current administrative stack if the run is executed within Spacelift by a stack or module. This allows clever tricks like attaching contexts or policies to the stack that manages them.","description_kind":"plain"}},"spacelift_drift_detection":{"version":0,"block":{"attributes":{"id":{"type":"string","description_kind":"plain","optional":true,"computed":true},"reconcile":{"type":"bool","description":"Whether a tracked run should be triggered when drift is detected.","description_kind":"plain","computed":true},"schedule":{"type":["list","string"],"description":"List of cron schedule expressions based on which drift detection should be triggered.","description_kind":"plain","computed":true},"stack_id":{"type":"string","description":"ID of the stack for which to set up drift detection","description_kind":"plain","required":true}},"description":"`spacelift_drift_detection` represents a Drift Detection configuration for a Stack. It will trigger a proposed run on the given schedule, which you can listen for using run state webhooks. If reconcile is true, then a tracked run will be triggered when drift is detected.","description_kind":"plain"}},"spacelift_environment_variable":{"version":0,"block":{"attributes":{"checksum":{"type":"string","description":"SHA-256 checksum of the value","description_kind":"plain","computed":true},"context_id":{"type":"string","description":"ID of the context on which the environment variable is defined","description_kind":"plain","optional":true},"id":{"type":"string","description_kind":"plain","optional":true,"computed":true},"module_id":{"type":"string","description":"ID of the module on which the environment variable is defined","description_kind":"plain","optional":true},"name":{"type":"string","description":"name of the environment variable","description_kind":"plain","required":true},"stack_id":{"type":"string","description":"ID of the stack on which the environment variable is defined","description_kind":"plain","optional":true},"value":{"type":"string","description":"value of the environment variable","description_kind":"plain","computed":true,"sensitive":true},"write_only":{"type":"bool","description":"indicates whether the value can be read back outside a Run","description_kind":"plain","computed":true}},"description":"`spacelift_environment_variable` defines an environment variable on the context (`spacelift_context`), stack (`spacelift_stack`) or a module (`spacelift_module`), thereby allowing to pass and share various secrets and configuration with Spacelift stacks.","description_kind":"plain"}},"spacelift_gcp_service_account":{"version":0,"block":{"attributes":{"id":{"type":"string","description_kind":"plain","optional":true,"computed":true},"module_id":{"type":"string","description":"ID of the stack which uses GCP service account credentials","description_kind":"plain","optional":true},"service_account_email":{"type":"string","description":"email address of the GCP service account dedicated for this stack","description_kind":"plain","computed":true},"stack_id":{"type":"string","description":"ID of the stack which uses GCP service account credentials","description_kind":"plain","optional":true},"token_scopes":{"type":["set","string"],"description":"list of Google API scopes","description_kind":"plain","computed":true}},"description":"`spacelift_gcp_service_account` represents a Google Cloud Platform service account that's linked to a particular Stack or Module. These accounts are created by Spacelift on per-stack basis, and can be added as members to as many organizations and projects as needed. During a Run or a Task, temporary credentials for those service accounts are injected into the environment, which allows credential-less GCP Terraform provider setup.","description_kind":"plain"}},"spacelift_github_enterprise_integration":{"version":0,"block":{"attributes":{"api_host":{"type":"string","description":"Github integration api host","description_kind":"plain","computed":true},"app_id":{"type":"string","description":"Github integration app id","description_kind":"plain","computed":true},"id":{"type":"string","description_kind":"plain","optional":true,"computed":true},"webhook_secret":{"type":"string","description":"Github integration webhook secret","description_kind":"plain","computed":true}},"description":"`spacelift_github_enterprise_integration` returns details about Github Enterprise integration","description_kind":"plain"}},"spacelift_gitlab_integration":{"version":0,"block":{"attributes":{"api_host":{"type":"string","description":"Gitlab integration api host","description_kind":"plain","computed":true},"id":{"type":"string","description_kind":"plain","optional":true,"computed":true},"webhook_secret":{"type":"string","description":"Gitlab integration webhook secret","description_kind":"plain","computed":true}},"description":"`spacelift_gitlab_integration` returns details about Gitlab integration","description_kind":"plain"}},"spacelift_ips":{"version":0,"block":{"attributes":{"id":{"type":"string","description_kind":"plain","optional":true,"computed":true},"ips":{"type":["set","string"],"description":"the list of spacelift.io outgoing IP addresses","description_kind":"plain","computed":true}},"description":"`spacelift_ips` returns the list of Spacelift's outgoing IP addresses, which you can use to whitelist connections coming from the Spacelift's \"mothership\".","description_kind":"plain"}},"spacelift_module":{"version":0,"block":{"attributes":{"administrative":{"type":"bool","description":"indicates whether this module can administer others","description_kind":"plain","computed":true},"aws_assume_role_policy_statement":{"type":"string","description":"AWS IAM assume role policy statement setting up trust relationship","description_kind":"plain","computed":true},"bitbucket_cloud":{"type":["list",["object",{"namespace":"string"}]],"description":"Bitbucket Cloud configuration","description_kind":"plain","computed":true},"bitbucket_datacenter":{"type":["list",["object",{"namespace":"string"}]],"description":"Bitbucket Datacenter configuration","description_kind":"plain","computed":true},"branch":{"type":"string","description":"GitHub branch to apply changes to","description_kind":"plain","computed":true},"description":{"type":"string","description":"free-form module description for human users (supports Markdown)","description_kind":"plain","computed":true},"github_enterprise":{"type":["list",["object",{"namespace":"string"}]],"description":"GitHub Enterprise configuration","description_kind":"plain","computed":true},"gitlab":{"type":["list",["object",{"namespace":"string"}]],"description":"GitLab configuration","description_kind":"plain","computed":true},"id":{"type":"string","description_kind":"plain","optional":true,"computed":true},"labels":{"type":["set","string"],"description_kind":"plain","computed":true},"module_id":{"type":"string","description":"ID (slug) of the module","description_kind":"plain","required":true},"name":{"type":"string","description":"The module name will by default be inferred from the repository name if it follows the terraform-provider-name naming convention. However, if the repository doesn't follow this convention, or you want to give it a custom name, you can provide it here.","description_kind":"plain","computed":true},"project_root":{"type":"string","description":"Project root is the optional directory relative to the repository root containing the module source code.","description_kind":"plain","computed":true},"repository":{"type":"string","description":"Name of the repository, without the owner part","description_kind":"plain","computed":true},"shared_accounts":{"type":["set","string"],"description":"List of the accounts (subdomains) which should have access to the Module","description_kind":"plain","computed":true},"terraform_provider":{"type":"string","description":"The module provider will by default be inferred from the repository name if it follows the terraform-provider-name naming convention. However, if the repository doesn't follow this convention, or you gave the module a custom name, you can provide the provider name here.","description_kind":"plain","computed":true},"worker_pool_id":{"type":"string","description":"ID of the worker pool to use","description_kind":"plain","computed":true}},"description":"`spacelift_module` is a special type of a stack used to test and version Terraform modules.","description_kind":"plain"}},"spacelift_mounted_file":{"version":0,"block":{"attributes":{"checksum":{"type":"string","description":"SHA-256 checksum of the value","description_kind":"plain","computed":true},"content":{"type":"string","description":"content of the mounted file encoded using Base-64","description_kind":"plain","computed":true,"sensitive":true},"context_id":{"type":"string","description":"ID of the context where the mounted file is stored","description_kind":"plain","optional":true},"id":{"type":"string","description_kind":"plain","optional":true,"computed":true},"module_id":{"type":"string","description":"ID of the module where the mounted file is stored","description_kind":"plain","optional":true},"relative_path":{"type":"string","description":"relative path to the mounted file","description_kind":"plain","required":true},"stack_id":{"type":"string","description":"ID of the stack where the mounted file is stored","description_kind":"plain","optional":true},"write_only":{"type":"bool","description":"indicates whether the value can be read back outside a Run","description_kind":"plain","computed":true}},"description":"`spacelift_mounted_file` represents a file mounted in each Run's workspace that is part of a configuration of a context (`spacelift_context`), stack (`spacelift_stack`) or a module (`spacelift_module`). In principle, it's very similar to an environment variable (`spacelift_environment_variable`) except that the value is written to the filesystem rather than passed to the environment.","description_kind":"plain"}},"spacelift_policy":{"version":0,"block":{"attributes":{"body":{"type":"string","description":"body of the policy","description_kind":"plain","computed":true},"id":{"type":"string","description_kind":"plain","optional":true,"computed":true},"labels":{"type":["set","string"],"description_kind":"plain","computed":true},"name":{"type":"string","description":"name of the policy","description_kind":"plain","computed":true},"policy_id":{"type":"string","description":"immutable ID (slug) of the policy","description_kind":"plain","required":true},"type":{"type":"string","description":"type of the policy","description_kind":"plain","computed":true}},"description":"`spacelift_policy` represents a Spacelift **policy** - a collection of customer-defined rules that are applied by Spacelift at one of the decision points within the application.","description_kind":"plain"}},"spacelift_stack":{"version":0,"block":{"attributes":{"administrative":{"type":"bool","description":"indicates whether this stack can administer others","description_kind":"plain","computed":true},"after_apply":{"type":["list","string"],"description":"List of after-apply scripts","description_kind":"plain","optional":true},"after_destroy":{"type":["list","string"],"description":"List of after-destroy scripts","description_kind":"plain","optional":true},"after_init":{"type":["list","string"],"description":"List of after-init scripts","description_kind":"plain","optional":true},"after_perform":{"type":["list","string"],"description":"List of after-perform scripts","description_kind":"plain","optional":true},"after_plan":{"type":["list","string"],"description":"List of after-plan scripts","description_kind":"plain","optional":true},"autodeploy":{"type":"bool","description":"indicates whether changes to this stack can be automatically deployed","description_kind":"plain","computed":true},"autoretry":{"type":"bool","description":"indicates whether obsolete proposed changes should automatically be retried","description_kind":"plain","computed":true},"aws_assume_role_policy_statement":{"type":"string","description":"AWS IAM assume role policy statement setting up trust relationship","description_kind":"plain","computed":true},"before_apply":{"type":["list","string"],"description":"List of before-apply scripts","description_kind":"plain","optional":true},"before_destroy":{"type":["list","string"],"description":"List of before-destroy scripts","description_kind":"plain","optional":true},"before_init":{"type":["list","string"],"description":"List of before-init scripts","description_kind":"plain","optional":true},"before_perform":{"type":["list","string"],"description":"List of before-perform scripts","description_kind":"plain","optional":true},"before_plan":{"type":["list","string"],"description":"List of before-plan scripts","description_kind":"plain","optional":true},"bitbucket_cloud":{"type":["list",["object",{"namespace":"string"}]],"description":"Bitbucket Cloud configuration","description_kind":"plain","computed":true},"bitbucket_datacenter":{"type":["list",["object",{"namespace":"string"}]],"description":"Bitbucket Datacenter configuration","description_kind":"plain","computed":true},"branch":{"type":"string","description":"Repository branch to treat as the default 'main' branch","description_kind":"plain","computed":true},"cloudformation":{"type":["list",["object",{"entry_template_file":"string","region":"string","stack_name":"string","template_bucket":"string"}]],"description":"CloudFormation-specific configuration. Presence means this Stack is a CloudFormation Stack.","description_kind":"plain","computed":true},"description":{"type":"string","description":"free-form stack description for users","description_kind":"plain","computed":true},"enable_local_preview":{"type":"bool","description":"Indicates whether local preview runs can be triggered on this Stack.","description_kind":"plain","computed":true},"github_enterprise":{"type":["list",["object",{"namespace":"string"}]],"description":"GitHub Enterprise configuration","description_kind":"plain","computed":true},"gitlab":{"type":["list",["object",{"namespace":"string"}]],"description":"GitLab configuration","description_kind":"plain","computed":true},"id":{"type":"string","description_kind":"plain","optional":true,"computed":true},"labels":{"type":["set","string"],"description_kind":"plain","computed":true},"manage_state":{"type":"bool","description":"Determines if Spacelift should manage state for this stack","description_kind":"plain","computed":true},"name":{"type":"string","description":"Name of the stack - should be unique in one account","description_kind":"plain","computed":true},"project_root":{"type":"string","description":"Project root is the optional directory relative to the workspace root containing the entrypoint to the Stack.","description_kind":"plain","computed":true},"pulumi":{"type":["list",["object",{"login_url":"string","stack_name":"string"}]],"description":"Pulumi-specific configuration. Presence means this Stack is a Pulumi Stack.","description_kind":"plain","computed":true},"repository":{"type":"string","description":"Name of the repository, without the owner part","description_kind":"plain","computed":true},"runner_image":{"type":"string","description":"Name of the Docker image used to process Runs","description_kind":"plain","computed":true},"showcase":{"type":["list",["object",{"namespace":"string"}]],"description":"Showcase-related attributes","description_kind":"plain","computed":true},"stack_id":{"type":"string","description":"ID (slug) of the stack","description_kind":"plain","required":true},"terraform_version":{"type":"string","description":"Terraform version to use","description_kind":"plain","computed":true},"terraform_workspace":{"type":"string","description":"Terraform workspace to select","description_kind":"plain","computed":true},"worker_pool_id":{"type":"string","description":"ID of the worker pool to use","description_kind":"plain","computed":true}},"description":"`spacelift_stack` combines source code and configuration to create a runtime environment where resources are managed. In this way it's similar to a stack in AWS CloudFormation, or a project on generic CI/CD platforms.","description_kind":"plain"}},"spacelift_stack_aws_role":{"version":0,"block":{"attributes":{"external_id":{"type":"string","description":"Custom external ID (works only for private workers).","description_kind":"plain","computed":true},"generate_credentials_in_worker":{"type":"bool","description":"Generate AWS credentials in the private worker","description_kind":"plain","computed":true},"id":{"type":"string","description_kind":"plain","optional":true,"computed":true},"module_id":{"type":"string","description":"ID of the module which assumes the AWS IAM role","description_kind":"plain","optional":true},"role_arn":{"type":"string","description":"ARN of the AWS IAM role to attach","description_kind":"plain","computed":true},"stack_id":{"type":"string","description":"ID of the stack which assumes the AWS IAM role","description_kind":"plain","optional":true}},"description":"`spacelift_aws_role` represents [cross-account IAM role delegation](https://docs.aws.amazon.com/IAM/latest/UserGuide/tutorial_cross-account-with-roles.html) between the Spacelift worker and an individual stack or module. If this is set, Spacelift will use AWS STS to assume the supplied IAM role and put its temporary credentials in the runtime environment.\n\nIf you use private workers, you can also assume IAM role on the worker side using your own AWS credentials (e.g. from EC2 instance profile).\n\nNote: when assuming credentials for **shared worker**, Spacelift will use `$accountName@$stackID` or `$accountName@$moduleID` as [external ID](https://docs.aws.amazon.com/IAM/latest/UserGuide/id_roles_create_for-user_externalid.html) and Run ID as [session ID](https://docs.aws.amazon.com/STS/latest/APIReference/API_AssumeRole).","description_kind":"plain","deprecated":true}},"spacelift_stack_gcp_service_account":{"version":0,"block":{"attributes":{"id":{"type":"string","description_kind":"plain","optional":true,"computed":true},"module_id":{"type":"string","description":"ID of the stack which uses GCP service account credentials","description_kind":"plain","optional":true},"service_account_email":{"type":"string","description":"email address of the GCP service account dedicated for this stack","description_kind":"plain","computed":true},"stack_id":{"type":"string","description":"ID of the stack which uses GCP service account credentials","description_kind":"plain","optional":true},"token_scopes":{"type":["set","string"],"description":"list of Google API scopes","description_kind":"plain","computed":true}},"description":"`spacelift_gcp_service_account` represents a Google Cloud Platform service account that's linked to a particular Stack or Module. These accounts are created by Spacelift on per-stack basis, and can be added as members to as many organizations and projects as needed. During a Run or a Task, temporary credentials for those service accounts are injected into the environment, which allows credential-less GCP Terraform provider setup.","description_kind":"plain","deprecated":true}},"spacelift_webhook":{"version":0,"block":{"attributes":{"enabled":{"type":"bool","description":"enables or disables sending webhooks","description_kind":"plain","computed":true},"endpoint":{"type":"string","description":"endpoint to send the POST request to","description_kind":"plain","computed":true},"id":{"type":"string","description_kind":"plain","optional":true,"computed":true},"module_id":{"type":"string","description":"ID of the stack which triggers the webhooks","description_kind":"plain","optional":true},"secret":{"type":"string","description":"secret used to sign each POST request so you're able to verify that the request comes from us","description_kind":"plain","computed":true},"stack_id":{"type":"string","description":"ID of the stack which triggers the webhooks","description_kind":"plain","optional":true},"webhook_id":{"type":"string","description":"ID of the webhook","description_kind":"plain","required":true}},"description":"`spacelift_webhook` represents a webhook endpoint to which Spacelift sends the POST request about run state changes.","description_kind":"plain"}},"spacelift_worker_pool":{"version":0,"block":{"attributes":{"config":{"type":"string","description":"credentials necessary to connect WorkerPool's workers to the control plane","description_kind":"plain","computed":true,"sensitive":true},"description":{"type":"string","description":"description of the worker pool","description_kind":"plain","computed":true},"id":{"type":"string","description_kind":"plain","optional":true,"computed":true},"name":{"type":"string","description":"name of the worker pool","description_kind":"plain","computed":true},"worker_pool_id":{"type":"string","description":"ID of the worker pool","description_kind":"plain","required":true}},"description":"`spacelift_worker_pool` represents a worker pool assigned to the Spacelift account.","description_kind":"plain"}},"spacelift_worker_pools":{"version":0,"block":{"attributes":{"id":{"type":"string","description_kind":"plain","optional":true,"computed":true},"worker_pools":{"type":["list",["object",{"config":"string","description":"string","name":"string","worker_pool_id":"string"}]],"description_kind":"plain","computed":true}},"description":"`spacelift_worker_pools` represents the worker pools assigned to the Spacelift account.","description_kind":"plain"}}}}}}
