{"format_version":"0.2","provider_schemas":{"registry.terraform.io/sport24ru/runscope":{"provider":{"version":0,"block":{"attributes":{"access_token":{"type":"string","description":"A runscope access token.","description_kind":"plain","required":true},"api_url":{"type":"string","description":"A runscope api url i.e. https://api.runscope.com.","description_kind":"plain","optional":true}},"description_kind":"plain"}},"resource_schemas":{"runscope_bucket":{"version":0,"block":{"attributes":{"id":{"type":"string","description_kind":"plain","optional":true,"computed":true},"name":{"type":"string","description_kind":"plain","required":true},"team_uuid":{"type":"string","description_kind":"plain","required":true}},"description_kind":"plain"}},"runscope_environment":{"version":0,"block":{"attributes":{"bucket_id":{"type":"string","description_kind":"plain","required":true},"id":{"type":"string","description_kind":"plain","optional":true,"computed":true},"initial_variables":{"type":["map","string"],"description_kind":"plain","optional":true},"integrations":{"type":["set","string"],"description_kind":"plain","optional":true},"name":{"type":"string","description_kind":"plain","required":true},"preserve_cookies":{"type":"bool","description_kind":"plain","optional":true},"regions":{"type":["set","string"],"description_kind":"plain","optional":true},"retry_on_failure":{"type":"bool","description_kind":"plain","optional":true},"script":{"type":"string","description_kind":"plain","optional":true},"test_id":{"type":"string","description_kind":"plain","optional":true},"verify_ssl":{"type":"bool","description_kind":"plain","optional":true},"webhooks":{"type":["set","string"],"description_kind":"plain","optional":true}},"block_types":{"email":{"nesting_mode":"list","block":{"attributes":{"notify_all":{"type":"bool","description_kind":"plain","optional":true},"notify_on":{"type":"string","description_kind":"plain","optional":true},"notify_threshold":{"type":"number","description_kind":"plain","optional":true}},"block_types":{"recipient":{"nesting_mode":"set","block":{"attributes":{"email":{"type":"string","description_kind":"plain","computed":true},"id":{"type":"string","description_kind":"plain","required":true},"name":{"type":"string","description_kind":"plain","computed":true}},"description_kind":"plain"}}},"description_kind":"plain"},"max_items":1},"remote_agent":{"nesting_mode":"set","block":{"attributes":{"name":{"type":"string","description_kind":"plain","required":true},"uuid":{"type":"string","description_kind":"plain","required":true}},"description_kind":"plain"}}},"description_kind":"plain"}},"runscope_schedule":{"version":0,"block":{"attributes":{"bucket_id":{"type":"string","description_kind":"plain","required":true},"environment_id":{"type":"string","description_kind":"plain","required":true},"id":{"type":"string","description_kind":"plain","optional":true,"computed":true},"interval":{"type":"string","description_kind":"plain","optional":true},"note":{"type":"string","description_kind":"plain","optional":true},"test_id":{"type":"string","description_kind":"plain","required":true}},"description_kind":"plain"}},"runscope_step":{"version":0,"block":{"attributes":{"before_scripts":{"type":["list","string"],"description_kind":"plain","optional":true},"body":{"type":"string","description_kind":"plain","optional":true},"bucket_id":{"type":"string","description_kind":"plain","required":true},"id":{"type":"string","description_kind":"plain","optional":true,"computed":true},"method":{"type":"string","description_kind":"plain","optional":true},"note":{"type":"string","description_kind":"plain","optional":true},"scripts":{"type":["list","string"],"description_kind":"plain","optional":true},"step_type":{"type":"string","description_kind":"plain","required":true},"test_id":{"type":"string","description_kind":"plain","required":true},"url":{"type":"string","description_kind":"plain","optional":true}},"block_types":{"assertion":{"nesting_mode":"list","block":{"attributes":{"comparison":{"type":"string","description_kind":"plain","required":true},"property":{"type":"string","description_kind":"plain","optional":true},"source":{"type":"string","description_kind":"plain","required":true},"value":{"type":"string","description_kind":"plain","optional":true}},"description_kind":"plain"}},"auth":{"nesting_mode":"set","block":{"attributes":{"auth_type":{"type":"string","description_kind":"plain","required":true},"password":{"type":"string","description_kind":"plain","required":true},"username":{"type":"string","description_kind":"plain","required":true}},"description_kind":"plain"}},"header":{"nesting_mode":"set","block":{"attributes":{"header":{"type":"string","description_kind":"plain","required":true},"value":{"type":"string","description_kind":"plain","required":true}},"description_kind":"plain"}},"variable":{"nesting_mode":"set","block":{"attributes":{"name":{"type":"string","description_kind":"plain","required":true},"property":{"type":"string","description_kind":"plain","optional":true},"source":{"type":"string","description_kind":"plain","required":true}},"description_kind":"plain"}}},"description_kind":"plain"}},"runscope_test":{"version":0,"block":{"attributes":{"bucket_id":{"type":"string","description_kind":"plain","required":true},"default_environment_id":{"type":"string","description_kind":"plain","computed":true},"description":{"type":"string","description_kind":"plain","required":true},"id":{"type":"string","description_kind":"plain","optional":true,"computed":true},"name":{"type":"string","description_kind":"plain","required":true}},"description_kind":"plain"}}},"data_source_schemas":{"runscope_bucket":{"version":0,"block":{"attributes":{"id":{"type":"string","description_kind":"plain","optional":true,"computed":true},"key":{"type":"string","description_kind":"plain","required":true},"name":{"type":"string","description_kind":"plain","computed":true},"team_uuid":{"type":"string","description_kind":"plain","computed":true}},"description_kind":"plain"}},"runscope_buckets":{"version":0,"block":{"attributes":{"id":{"type":"string","description_kind":"plain","optional":true,"computed":true},"keys":{"type":["set","string"],"description_kind":"plain","computed":true}},"block_types":{"filter":{"nesting_mode":"set","block":{"attributes":{"name":{"type":"string","description_kind":"plain","required":true},"values":{"type":["set","string"],"description_kind":"plain","required":true}},"description_kind":"plain"}}},"description_kind":"plain"}},"runscope_integration":{"version":0,"block":{"attributes":{"description":{"type":"string","description_kind":"plain","computed":true},"id":{"type":"string","description_kind":"plain","optional":true,"computed":true},"team_uuid":{"type":"string","description_kind":"plain","required":true},"type":{"type":"string","description_kind":"plain","required":true}},"block_types":{"filter":{"nesting_mode":"set","block":{"attributes":{"name":{"type":"string","description_kind":"plain","required":true},"values":{"type":["set","string"],"description_kind":"plain","required":true}},"description_kind":"plain"}}},"description_kind":"plain"}},"runscope_integrations":{"version":0,"block":{"attributes":{"id":{"type":"string","description_kind":"plain","optional":true,"computed":true},"ids":{"type":["set","string"],"description_kind":"plain","computed":true},"team_uuid":{"type":"string","description_kind":"plain","required":true}},"block_types":{"filter":{"nesting_mode":"set","block":{"attributes":{"name":{"type":"string","description_kind":"plain","required":true},"values":{"type":["set","string"],"description_kind":"plain","required":true}},"description_kind":"plain"}}},"description_kind":"plain"}}}}}}
