{"format_version":"0.2","provider_schemas":{"registry.terraform.io/squadcasthub/squadcast":{"provider":{"version":0,"block":{"attributes":{"squadcast_token":{"type":"string","description_kind":"plain","required":true}},"description_kind":"plain"}},"resource_schemas":{"squadcast_service":{"version":0,"block":{"attributes":{"alert_source":{"type":"string","description":"Alert source integration name","description_kind":"plain","required":true},"description":{"type":"string","description":"Service description","description_kind":"plain","optional":true},"email_prefix":{"type":"string","description":"Email prefix for the service","description_kind":"plain","required":true},"escalation_policy_id":{"type":"string","description":"Escalation policy id to be associated with the service","description_kind":"plain","required":true},"id":{"type":"string","description_kind":"plain","optional":true,"computed":true},"name":{"type":"string","description":"Service name","description_kind":"plain","required":true},"sid":{"type":"string","description":"Unique service data ID","description_kind":"plain","computed":true},"webhook_url":{"type":"string","description":"Webhook URL for the service","description_kind":"plain","computed":true}},"description_kind":"plain"}}},"data_source_schemas":{"squadcast_escalation_policy":{"version":0,"block":{"attributes":{"id":{"type":"string","description":"ObjectId of the escalation policy","description_kind":"plain","optional":true},"name":{"type":"string","description":"Escalation policy name","description_kind":"plain","required":true}},"description_kind":"plain"}}}}}}
