{"format_version":"0.2","provider_schemas":{"registry.terraform.io/statusflare-com/statusflare":{"provider":{"version":0,"block":{"attributes":{"account_id":{"type":"string","description":"Your Statusflare Account ID. This can also be specified with the `SF_ACCOUNT_ID` env. variable.","description_kind":"plain","required":true},"api_url":{"type":"string","description":"Statusflare API URL. This can also be specified with the `SF_API_URL` env. variable.","description_kind":"plain","optional":true},"key_id":{"type":"string","description":"Your token's key ID. This can also be specified with the `SF_KEY_ID` env. variable.","description_kind":"plain","required":true},"token":{"type":"string","description":"Token's secret part. This can also be specified with the `SF_TOKEN` env. variable.","description_kind":"plain","required":true}},"description_kind":"plain"}},"resource_schemas":{"statusflare_custom_domain":{"version":0,"block":{"attributes":{"domain":{"type":"string","description":"The full domain of the custom domain. Can be either example.statusflare.app or your custom domain.","description_kind":"plain","required":true},"id":{"type":"string","description_kind":"plain","computed":true},"status":{"type":"string","description":"Status (active/pending) of the domain.","description_kind":"plain","computed":true}},"description_kind":"plain"}},"statusflare_integration":{"version":0,"block":{"attributes":{"id":{"type":"string","description_kind":"plain","computed":true},"name":{"type":"string","description":"The name of the integration.","description_kind":"plain","required":true},"secret":{"type":"string","description":"The secret of the integration, e.g. webhook URL.","description_kind":"plain","required":true,"sensitive":true},"type":{"type":"string","description":"Type of the integration, e.g. webhook.","description_kind":"plain","optional":true}},"description_kind":"plain"}},"statusflare_monitor":{"version":0,"block":{"attributes":{"body":{"type":"string","description":"HTTP body for http(s) monitors.","description_kind":"plain","optional":true},"expect_status":{"type":"number","description":"The expected HTTP status code. The default is 200.","description_kind":"plain","optional":true},"expect_string":{"type":"string","description":"The expected string in the HTTP response body.","description_kind":"plain","optional":true},"follow_redirects":{"type":"bool","description_kind":"plain","optional":true},"headers":{"type":["map","string"],"description":"HTTP headers for http(s) monitors.","description_kind":"plain","optional":true},"id":{"type":"string","description_kind":"plain","computed":true},"insecure_skip_verify":{"type":"bool","description_kind":"plain","optional":true},"integrations":{"type":["list","string"],"description":"IDs of integrations attached to this monitor.","description_kind":"plain","optional":true},"interval":{"type":"number","description":"Check interval in seconds. The default is 300.","description_kind":"plain","optional":true},"method":{"type":"string","description":"The HTTP method. The default is 'GET'.","description_kind":"plain","optional":true},"name":{"type":"string","description":"The name of the monitor.","description_kind":"plain","required":true},"retries":{"type":"number","description":"Retries or also 'notify_after' field in API. The default is 1.","description_kind":"plain","optional":true},"scheme":{"type":"string","description":"The scheme might be http, https, tcp, icmp. The default value is https.","description_kind":"plain","optional":true},"timeout":{"type":"number","description":"Timeout in seconds. The default is 30.","description_kind":"plain","optional":true},"url":{"type":"string","description":"URL Address but without scheme, e.g. www.example.com.","description_kind":"plain","required":true},"worker":{"type":"string","description":"ID of the worker to perform checks from. The default is 'managed'.","description_kind":"plain","optional":true}},"description_kind":"plain"}},"statusflare_status_page":{"version":0,"block":{"attributes":{"config":{"type":["map","string"],"description":"Additional configuration of the status page. See example for list of options.","description_kind":"plain","optional":true},"custom_domain":{"type":"string","description":"The custom domain attached to your status page.","description_kind":"plain","optional":true},"custom_domain_path":{"type":"string","description":"The path for your custom domain. The default is '/'.","description_kind":"plain","optional":true},"hide_monitor_details":{"type":"bool","description":"Hide monitor details (URL, scheme, ..) on the status page. The default is false.","description_kind":"plain","optional":true},"hide_statusflare":{"type":"bool","description":"Hide statusflare branding/links on the status page. The default is false.","description_kind":"plain","optional":true},"histogram_days":{"type":"number","description":"Number of days to render on status page for each monitor. The default is 90.","description_kind":"plain","optional":true},"id":{"type":"string","description_kind":"plain","computed":true},"monitors":{"type":["list","string"],"description":"IDs of monitors attached to this status page.","description_kind":"plain","optional":true},"name":{"type":"string","description":"The name of the status page.","description_kind":"plain","required":true}},"description_kind":"plain"}}},"data_source_schemas":{"statusflare_custom_domain":{"version":0,"block":{"attributes":{"domain":{"type":"string","description_kind":"plain","required":true},"id":{"type":"string","description":"ID of the custom domain.","description_kind":"plain","computed":true},"status":{"type":"string","description":"Status (active/pending) of the domain.","description_kind":"plain","computed":true}},"description_kind":"plain"}},"statusflare_integration":{"version":0,"block":{"attributes":{"id":{"type":"string","description":"ID of the integration.","description_kind":"plain","computed":true},"name":{"type":"string","description":"Name of the integration.","description_kind":"plain","required":true}},"description_kind":"plain"}}}}}}
