{"format_version":"0.2","provider_schemas":{"registry.terraform.io/styczynski/kubectl-query":{"provider":{"version":0,"block":{"attributes":{"apply_retry_count":{"type":"number","description":"Defines the number of attempts any create/update action will take","description_kind":"plain","optional":true},"client_certificate":{"type":"string","description":"PEM-encoded client certificate for TLS authentication.","description_kind":"plain","optional":true},"client_key":{"type":"string","description":"PEM-encoded client certificate key for TLS authentication.","description_kind":"plain","optional":true},"cluster_ca_certificate":{"type":"string","description":"PEM-encoded root certificates bundle for TLS authentication.","description_kind":"plain","optional":true},"config_context":{"type":"string","description_kind":"plain","optional":true},"config_context_auth_info":{"type":"string","description_kind":"plain","optional":true},"config_context_cluster":{"type":"string","description_kind":"plain","optional":true},"config_path":{"type":"string","description":"Path to the kube config file, defaults to ~/.kube/config","description_kind":"plain","optional":true},"host":{"type":"string","description":"The hostname (in form of URI) of Kubernetes master.","description_kind":"plain","optional":true},"insecure":{"type":"bool","description":"Whether server should be accessed without verifying the TLS certificate.","description_kind":"plain","optional":true},"load_config_file":{"type":"bool","description":"Load local kubeconfig.","description_kind":"plain","optional":true},"password":{"type":"string","description":"The password to use for HTTP basic authentication when accessing the Kubernetes master endpoint.","description_kind":"plain","optional":true},"token":{"type":"string","description":"Token to authentifcate an service account","description_kind":"plain","optional":true},"username":{"type":"string","description":"The username to use for HTTP basic authentication when accessing the Kubernetes master endpoint.","description_kind":"plain","optional":true}},"block_types":{"exec":{"nesting_mode":"list","block":{"attributes":{"api_version":{"type":"string","description_kind":"plain","required":true},"args":{"type":["list","string"],"description_kind":"plain","optional":true},"command":{"type":"string","description_kind":"plain","required":true},"env":{"type":["map","string"],"description_kind":"plain","optional":true}},"description_kind":"plain"},"max_items":1}},"description_kind":"plain"}},"resource_schemas":{"kubectl-query_pods":{"version":0,"block":{"attributes":{"id":{"type":"string","description_kind":"plain","optional":true,"computed":true},"pods":{"type":["list",["object",{"annotations":["map","string"],"cluster_name":"string","generate_name":"string","kind":"string","labels":["map","string"],"resource_version":"string","status":"string","uid":"string"}]],"description_kind":"plain","computed":true},"triggers":{"type":["map","string"],"description_kind":"plain","optional":true}},"description_kind":"plain"}},"kubectl-query_server_version":{"version":0,"block":{"attributes":{"build_date":{"type":"string","description_kind":"plain","computed":true},"git_commit":{"type":"string","description_kind":"plain","computed":true},"git_version":{"type":"string","description_kind":"plain","computed":true},"id":{"type":"string","description_kind":"plain","optional":true,"computed":true},"major":{"type":"string","description_kind":"plain","computed":true},"minor":{"type":"string","description_kind":"plain","computed":true},"patch":{"type":"string","description_kind":"plain","computed":true},"platform":{"type":"string","description_kind":"plain","computed":true},"triggers":{"type":["map","string"],"description_kind":"plain","optional":true},"version":{"type":"string","description_kind":"plain","computed":true}},"description_kind":"plain"}},"kubectl-query_services":{"version":0,"block":{"attributes":{"id":{"type":"string","description_kind":"plain","optional":true,"computed":true},"services":{"type":["list",["object",{"annotations":["map","string"],"cluster_name":"string","external_addresses":["list","string"],"external_ips":["list","string"],"external_name":"string","external_traffic_policy":"string","generate_name":"string","ingress":["list",["object",{"hostname":"string","ip":"string"}]],"kind":"string","labels":["map","string"],"load_balancer_ip":"string","load_balancer_source_ranges":["list","string"],"ports":["list",["object",{"name":"string","node_port":"number","port":"number","protocol":"string"}]],"resource_version":"string","status":"string","type":"string","uid":"string"}]],"description_kind":"plain","computed":true},"triggers":{"type":["map","string"],"description_kind":"plain","optional":true}},"description_kind":"plain"}}},"data_source_schemas":{"kubectl-query_pods":{"version":0,"block":{"attributes":{"id":{"type":"string","description_kind":"plain","optional":true,"computed":true},"pods":{"type":["list",["object",{"annotations":["map","string"],"cluster_name":"string","generate_name":"string","kind":"string","labels":["map","string"],"resource_version":"string","status":"string","uid":"string"}]],"description_kind":"plain","computed":true},"triggers":{"type":["map","string"],"description_kind":"plain","optional":true}},"description_kind":"plain"}},"kubectl-query_server_version":{"version":0,"block":{"attributes":{"build_date":{"type":"string","description_kind":"plain","computed":true},"git_commit":{"type":"string","description_kind":"plain","computed":true},"git_version":{"type":"string","description_kind":"plain","computed":true},"id":{"type":"string","description_kind":"plain","optional":true,"computed":true},"major":{"type":"string","description_kind":"plain","computed":true},"minor":{"type":"string","description_kind":"plain","computed":true},"patch":{"type":"string","description_kind":"plain","computed":true},"platform":{"type":"string","description_kind":"plain","computed":true},"version":{"type":"string","description_kind":"plain","computed":true}},"description_kind":"plain"}},"kubectl-query_services":{"version":0,"block":{"attributes":{"id":{"type":"string","description_kind":"plain","optional":true,"computed":true},"services":{"type":["list",["object",{"annotations":["map","string"],"cluster_name":"string","external_addresses":["list","string"],"external_ips":["list","string"],"external_name":"string","external_traffic_policy":"string","generate_name":"string","ingress":["list",["object",{"hostname":"string","ip":"string"}]],"kind":"string","labels":["map","string"],"load_balancer_ip":"string","load_balancer_source_ranges":["list","string"],"ports":["list",["object",{"name":"string","node_port":"number","port":"number","protocol":"string"}]],"resource_version":"string","status":"string","type":"string","uid":"string"}]],"description_kind":"plain","computed":true},"triggers":{"type":["map","string"],"description_kind":"plain","optional":true}},"description_kind":"plain"}}}}}}
