{"format_version":"0.2","provider_schemas":{"registry.terraform.io/suchpuppet/maas":{"provider":{"version":0,"block":{"attributes":{"api_key":{"type":"string","description":"The api key for API operations","description_kind":"plain","required":true},"api_url":{"type":"string","description":"The MAAS server URL. ie: http://1.2.3.4:80/MAAS","description_kind":"plain","required":true},"api_version":{"type":"string","description":"The MAAS API version. Currently: 1.0","description_kind":"plain","optional":true}},"description_kind":"plain"}},"resource_schemas":{"maas_instance":{"version":1,"block":{"attributes":{"architecture":{"type":"string","description_kind":"plain","optional":true},"boot_type":{"type":"string","description_kind":"plain","optional":true},"comment":{"type":"string","description_kind":"plain","optional":true},"cpu_count":{"type":"number","description_kind":"plain","optional":true},"deploy_hostname":{"type":"string","description_kind":"plain","optional":true},"deploy_tags":{"type":["list","string"],"description_kind":"plain","optional":true},"disable_ipv4":{"type":"bool","description_kind":"plain","optional":true},"distro_series":{"type":"string","description_kind":"plain","optional":true},"hostname":{"type":"string","description_kind":"plain","optional":true},"hwe_kernel":{"type":"string","description_kind":"plain","optional":true},"id":{"type":"string","description_kind":"plain","optional":true,"computed":true},"install_kvm":{"type":"bool","description_kind":"plain","optional":true},"install_rackd":{"type":"bool","description_kind":"plain","optional":true},"ip_addresses":{"type":["list","string"],"description_kind":"plain","optional":true},"memory":{"type":"number","description_kind":"plain","optional":true},"netboot":{"type":"bool","description_kind":"plain","optional":true},"osystem":{"type":"string","description_kind":"plain","optional":true},"owner":{"type":"string","description_kind":"plain","optional":true},"power_state":{"type":"string","description_kind":"plain","optional":true},"power_type":{"type":"string","description_kind":"plain","optional":true},"release_erase":{"type":"bool","description_kind":"plain","optional":true},"release_erase_quick":{"type":"bool","description_kind":"plain","optional":true},"release_erase_secure":{"type":"bool","description_kind":"plain","optional":true},"resource_uri":{"type":"string","description_kind":"plain","optional":true},"routers":{"type":["list","string"],"description_kind":"plain","optional":true},"status":{"type":"number","description_kind":"plain","optional":true},"storage":{"type":"number","description_kind":"plain","optional":true},"swap_size":{"type":"number","description_kind":"plain","optional":true},"system_id":{"type":"string","description_kind":"plain","optional":true},"tag_names":{"type":["list","string"],"description_kind":"plain","optional":true},"tags":{"type":["list","string"],"description_kind":"plain","optional":true},"user_data":{"type":"string","description_kind":"plain","optional":true}},"block_types":{"macaddress_set":{"nesting_mode":"list","block":{"attributes":{"mac_address":{"type":"string","description_kind":"plain","optional":true},"resource_uri":{"type":"string","description_kind":"plain","optional":true}},"description_kind":"plain"}},"physicalblockdevice_set":{"nesting_mode":"list","block":{"attributes":{"block_size":{"type":"number","description_kind":"plain","optional":true},"id":{"type":"number","description_kind":"plain","optional":true},"id_path":{"type":"string","description_kind":"plain","optional":true},"model":{"type":"string","description_kind":"plain","optional":true},"name":{"type":"string","description_kind":"plain","optional":true},"path":{"type":"string","description_kind":"plain","optional":true},"serial":{"type":"string","description_kind":"plain","optional":true},"size":{"type":"number","description_kind":"plain","optional":true},"tags":{"type":["list","string"],"description_kind":"plain","optional":true}},"description_kind":"plain"}},"pxe_mac":{"nesting_mode":"set","block":{"attributes":{"mac_address":{"type":"string","description_kind":"plain","optional":true},"resource_uri":{"type":"string","description_kind":"plain","optional":true}},"description_kind":"plain"}},"zone":{"nesting_mode":"set","block":{"attributes":{"description":{"type":"string","description_kind":"plain","optional":true},"name":{"type":"string","description_kind":"plain","optional":true},"resource_uri":{"type":"string","description_kind":"plain","optional":true}},"description_kind":"plain"}}},"description_kind":"plain"}},"maas_interface_link":{"version":0,"block":{"attributes":{"default_gateway":{"type":"string","description_kind":"plain","optional":true},"force":{"type":"bool","description_kind":"plain","optional":true},"id":{"type":"string","description_kind":"plain","optional":true,"computed":true},"interface_id":{"type":"number","description_kind":"plain","required":true},"ip_address":{"type":"string","description_kind":"plain","optional":true},"mode":{"type":"string","description_kind":"plain","required":true},"subnet_id":{"type":"number","description_kind":"plain","required":true},"system_id":{"type":"string","description_kind":"plain","required":true}},"description_kind":"plain"}},"maas_interface_physical":{"version":0,"block":{"attributes":{"accept_ra":{"type":"bool","description_kind":"plain","optional":true},"autoconf":{"type":"bool","description_kind":"plain","optional":true},"id":{"type":"string","description_kind":"plain","optional":true,"computed":true},"interface_id":{"type":"number","description_kind":"plain","computed":true},"mac_address":{"type":"string","description_kind":"plain","required":true},"mtu":{"type":"number","description_kind":"plain","optional":true},"name":{"type":"string","description_kind":"plain","optional":true},"system_id":{"type":"string","description_kind":"plain","required":true},"tags":{"type":["set","string"],"description_kind":"plain","optional":true},"vlan":{"type":"string","description_kind":"plain","optional":true}},"description_kind":"plain"}},"maas_server":{"version":0,"block":{"attributes":{"id":{"type":"string","description_kind":"plain","optional":true,"computed":true},"ntp_servers":{"type":["list","string"],"description_kind":"plain","required":true}},"description_kind":"plain"}}},"data_source_schemas":{"maas_rack_controller":{"version":0,"block":{"attributes":{"agent_name":{"type":"string","description_kind":"plain","optional":true},"domain":{"type":"string","description_kind":"plain","optional":true},"hostname":{"type":"string","description_kind":"plain","optional":true},"id":{"type":"string","description_kind":"plain","optional":true,"computed":true},"mac_address":{"type":"string","description_kind":"plain","optional":true},"pool":{"type":"string","description_kind":"plain","optional":true},"system_id":{"type":"string","description_kind":"plain","optional":true},"zone":{"type":"string","description_kind":"plain","optional":true}},"description_kind":"plain"}},"maas_subnet":{"version":0,"block":{"attributes":{"cidr":{"type":"string","description_kind":"plain","optional":true},"dns_servers":{"type":["list","string"],"description_kind":"plain","computed":true},"gateway_ip":{"type":"string","description_kind":"plain","computed":true},"id":{"type":"string","description_kind":"plain","optional":true,"computed":true},"name":{"type":"string","description_kind":"plain","optional":true},"rdns_mode":{"type":"number","description_kind":"plain","computed":true},"vlan":{"type":"number","description_kind":"plain","optional":true}},"description_kind":"plain"}}}}}}
