{"format_version":"0.2","provider_schemas":{"registry.terraform.io/surveymonkey/sparkpost":{"provider":{"version":0,"block":{"attributes":{"api_key":{"type":"string","description":"The API key for the SparkPost account.","description_kind":"plain","optional":true},"base_url":{"type":"string","description":"The base URL for the SparkPost account.","description_kind":"plain","optional":true}},"description_kind":"plain"}},"resource_schemas":{"sparkpost_template":{"version":0,"block":{"attributes":{"content_email_rfc822":{"type":"string","description":"Pre-built message with the format as described by the message/rfc822 Content-Type.","description_kind":"plain","optional":true},"content_from_email":{"type":"string","description":"Email address used to compose the email's From header. The domain must be a verified sending domain.","description_kind":"plain","required":true},"content_from_name":{"type":"string","description":"Name used to compose the email's From header.","description_kind":"plain","optional":true},"content_headers":{"type":["map","string"],"description":"Object containing headers other than Subject, From, To, and Reply-To","description_kind":"plain","optional":true},"content_html":{"type":"string","description":"HTML content for the email's text/html MIME part. At a minimum, html or text is required.","description_kind":"plain","optional":true},"content_reply_to":{"type":"string","description":"Email address used to compose the email's Reply-To header.","description_kind":"plain","optional":true},"content_subject":{"type":"string","description":"The subject for the template.","description_kind":"plain","required":true},"content_text":{"type":"string","description":"Text content for the email's text/plain MIME part. At a minimum, html or text is required.","description_kind":"plain","optional":true},"description":{"type":"string","description":"Description of the template. Maximum length - 1024 bytes","description_kind":"plain","optional":true},"draft":{"type":"bool","description":"Whether or not to read the draft or published version of the template.","description_kind":"plain","optional":true},"id":{"type":"string","description":"Unique alphanumeric ID used to reference the template. Must be unique across the SparkPost account. Maximum length - 64 bytes","description_kind":"plain","computed":true},"name":{"type":"string","description":"Editable display name. At a minimum, id or name is required upon creation. Does not have to be unique. Maximum length - 1024 bytes","description_kind":"plain","required":true},"options_click_tracking":{"type":"bool","description":"Enable or disable click tracking.","description_kind":"plain","optional":true},"options_open_tracking":{"type":"bool","description":"Enable or disable open tracking.","description_kind":"plain","optional":true},"options_transactional":{"type":"bool","description":"Distinguish between transactional and non-transactional messages for unsubscribe and suppression purposes.","description_kind":"plain","optional":true},"published":{"type":"bool","description":"Whether or not the template will be published.","description_kind":"plain","optional":true},"template_id":{"type":"string","description":"Unique alphanumeric ID used to set the template ID. Must be unique across the SparkPost account. Maximum length - 64 bytes","description_kind":"plain","optional":true}},"description_kind":"plain"}}},"data_source_schemas":{"sparkpost_template":{"version":0,"block":{"attributes":{"content_email_rfc822":{"type":"string","description":"Pre-built message with the format as described by the message/rfc822 Content-Type.","description_kind":"plain","computed":true},"content_from_email":{"type":"string","description":"Email address used to compose the email's From header. The domain must be a verified sending domain.","description_kind":"plain","computed":true},"content_from_name":{"type":"string","description":"Name used to compose the email's From header.","description_kind":"plain","computed":true},"content_headers":{"type":["map","string"],"description":"Object containing headers other than Subject, From, To, and Reply-To","description_kind":"plain","computed":true},"content_html":{"type":"string","description":"HTML content for the email's text/html MIME part. At a minimum, html or text is required.","description_kind":"plain","computed":true},"content_reply_to":{"type":"string","description":"Email address used to compose the email's Reply-To header.","description_kind":"plain","computed":true},"content_subject":{"type":"string","description":"The subject for the template.","description_kind":"plain","computed":true},"content_text":{"type":"string","description":"Text content for the email's text/plain MIME part. At a minimum, html or text is required.","description_kind":"plain","computed":true},"description":{"type":"string","description":"Description of the template. Maximum length - 1024 bytes","description_kind":"plain","computed":true},"draft":{"type":"bool","description":"Whether or not to read the draft or published version of the template.","description_kind":"plain","optional":true},"id":{"type":"string","description":"Unique alphanumeric ID used to reference the template. Must be unique across the SparkPost account. Maximum length - 64 bytes","description_kind":"plain","required":true},"name":{"type":"string","description":"Editable display name. At a minimum, id or name is required upon creation. Does not have to be unique. Maximum length - 1024 bytes","description_kind":"plain","computed":true},"options_click_tracking":{"type":"bool","description":"Enable or disable click tracking.","description_kind":"plain","computed":true},"options_open_tracking":{"type":"bool","description":"Enable or disable open tracking.","description_kind":"plain","computed":true},"options_transactional":{"type":"bool","description":"Distinguish between transactional and non-transactional messages for unsubscribe and suppression purposes.","description_kind":"plain","computed":true},"published":{"type":"bool","description":"Whether or not the template is published.","description_kind":"plain","computed":true}},"description_kind":"plain"}}}}}}
