{"format_version":"0.2","provider_schemas":{"registry.terraform.io/svrakitin/hydra":{"provider":{"version":0,"block":{"attributes":{"endpoint":{"type":"string","description_kind":"plain","required":true}},"block_types":{"authentication":{"nesting_mode":"list","block":{"block_types":{"basic":{"nesting_mode":"list","block":{"attributes":{"password":{"type":"string","description_kind":"plain","required":true,"sensitive":true},"username":{"type":"string","description_kind":"plain","required":true}},"description_kind":"plain"},"max_items":1},"tls":{"nesting_mode":"list","block":{"attributes":{"certificate":{"type":"string","description":"PEM-encoded client certificate for TLS authentication.","description_kind":"markdown","required":true,"sensitive":true},"insecure_skip_verify":{"type":"bool","description":"Controls whether a client verifies the server's certificate chain and host name.","description_kind":"markdown","optional":true},"key":{"type":"string","description":"PEM-encoded client certificate key for TLS authentication.","description_kind":"markdown","required":true,"sensitive":true}},"description_kind":"plain"},"max_items":1}},"description":"Optional block to specify an authentication method which is used to access Hydra Admin API.","description_kind":"markdown"},"max_items":1}},"description_kind":"plain"}},"resource_schemas":{"hydra_jwks":{"version":0,"block":{"attributes":{"id":{"type":"string","description_kind":"plain","optional":true,"computed":true},"name":{"type":"string","description_kind":"plain","required":true}},"block_types":{"generator":{"nesting_mode":"list","block":{"attributes":{"alg":{"type":"string","description_kind":"plain","required":true},"keepers":{"type":["map","string"],"description":"Arbitrary map of values that, when changed, will trigger recreation of resource.","description_kind":"markdown","required":true},"kid":{"type":"string","description_kind":"plain","required":true},"use":{"type":"string","description_kind":"plain","required":true}},"description_kind":"plain"},"max_items":1},"key":{"nesting_mode":"list","block":{"attributes":{"alg":{"type":"string","description_kind":"plain","required":true},"crv":{"type":"string","description_kind":"plain","optional":true,"computed":true},"d":{"type":"string","description_kind":"plain","optional":true,"computed":true,"sensitive":true},"dp":{"type":"string","description_kind":"plain","optional":true,"computed":true,"sensitive":true},"dq":{"type":"string","description_kind":"plain","optional":true,"computed":true,"sensitive":true},"e":{"type":"string","description_kind":"plain","optional":true,"computed":true,"sensitive":true},"k":{"type":"string","description_kind":"plain","optional":true,"computed":true,"sensitive":true},"kid":{"type":"string","description_kind":"plain","required":true},"kty":{"type":"string","description_kind":"plain","required":true},"n":{"type":"string","description_kind":"plain","optional":true,"computed":true},"p":{"type":"string","description_kind":"plain","optional":true,"computed":true,"sensitive":true},"q":{"type":"string","description_kind":"plain","optional":true,"computed":true,"sensitive":true},"qi":{"type":"string","description_kind":"plain","optional":true,"computed":true,"sensitive":true},"use":{"type":"string","description_kind":"plain","required":true},"x":{"type":"string","description_kind":"plain","optional":true,"computed":true,"sensitive":true},"x5c":{"type":["list","string"],"description_kind":"plain","optional":true,"computed":true},"y":{"type":"string","description_kind":"plain","optional":true,"computed":true,"sensitive":true}},"description_kind":"plain"}}},"description":"A JSON Web Key (JWK) is a JavaScript Object Notation (JSON) data structure that represents a cryptographic key. \nA JWK Set is a JSON data structure that represents a set of JWKs. \nA JSON Web Key is identified by its set and key id. ORY Hydra uses this functionality to store cryptographic keys used for TLS and JSON Web Tokens (such as OpenID Connect ID tokens), and allows storing user-defined keys as well.","description_kind":"markdown"}},"hydra_oauth2_client":{"version":0,"block":{"attributes":{"allowed_cors_origins":{"type":["list","string"],"description_kind":"plain","optional":true},"audience":{"type":["list","string"],"description_kind":"plain","optional":true},"backchannel_logout_session_required":{"type":"bool","description":"Boolean value specifying whether the RP requires that a sid (session ID) Claim be included in the Logout Token to identify the RP session with the OP when the backchannel_logout_uri is used. If omitted, the default value is false.","description_kind":"markdown","optional":true},"backchannel_logout_uri":{"type":"string","description":"RP URL that will cause the RP to log itself out when sent a Logout Token by the OP.","description_kind":"markdown","optional":true},"client_id":{"type":"string","description":"ID is the id for this client.","description_kind":"markdown","optional":true,"computed":true},"client_name":{"type":"string","description":"Name is the human-readable string name of the client to be presented to the end-user during authorization.","description_kind":"markdown","optional":true},"client_secret":{"type":"string","description":"Secret is the client's secret. The secret will be included in the create request as cleartext, and then never again. \nThe secret is stored using BCrypt so it is impossible to recover it. Tell your users that they need to write the secret down as it will not be made available again.","description_kind":"markdown","optional":true,"computed":true,"sensitive":true},"client_secret_expires_at":{"type":"number","description":"SecretExpiresAt is an integer holding the time at which the client secret will expire or 0 if it will not expire. \nThe time is represented as the number of seconds from 1970-01-01T00:00:00Z as measured in UTC until the date/time of expiration. \nThis feature is currently not supported and it's value will always be set to 0.","description_kind":"markdown","optional":true},"client_uri":{"type":"string","description":"ClientURI is an URL string of a web page providing information about the client. If present, the server SHOULD display this URL to the end-user in a clickable fashion.","description_kind":"markdown","optional":true},"contacts":{"type":["list","string"],"description_kind":"plain","optional":true},"frontchannel_logout_session_required":{"type":"bool","description":"Boolean value specifying whether the RP requires that iss (issuer) and sid (session ID) query parameters be included to identify the RP session with the OP when the `frontchannel_logout_uri` is used. If omitted, the default value is false.","description_kind":"markdown","optional":true},"frontchannel_logout_uri":{"type":"string","description":"RP URL that will cause the RP to log itself out when rendered in an iframe by the OP. \nAn iss (issuer) query parameter and a sid (session ID) query parameter MAY be included by the OP to enable the RP to validate the request and to determine which of the potentially multiple sessions is to be logged out; \nif either is included, both MUST be.","description_kind":"markdown","optional":true},"grant_types":{"type":["list","string"],"description_kind":"plain","optional":true},"id":{"type":"string","description_kind":"plain","optional":true,"computed":true},"jwks_uri":{"type":"string","description":"URL for the Client's JSON Web Key Set [JWK] document. \nIf the Client signs requests to the Server, it contains the signing key(s) the Server uses to validate signatures from the Client. \nThe JWK Set MAY also contain the Client's encryption keys(s), which are used by the Server to encrypt responses to the Client. \nWhen both signing and encryption keys are made available, a use (Key Use) parameter value is REQUIRED for all keys in the referenced JWK Set to indicate each key's intended usage. \nAlthough some algorithms allow the same key to be used for both signatures and encryption, doing so is NOT RECOMMENDED, as it is less secure. \nThe JWK x5c parameter MAY be used to provide X.509 representations of keys provided. When used, the bare key values MUST still be present and MUST match those in the certificate.","description_kind":"markdown","optional":true},"logo_uri":{"type":"string","description":"LogoURI is an URL string that references a logo for the client.","description_kind":"markdown","optional":true},"metadata":{"type":["map","string"],"description_kind":"plain","optional":true},"owner":{"type":"string","description":"Owner is a string identifying the owner of the OAuth 2.0 Client.","description_kind":"markdown","optional":true},"policy_uri":{"type":"string","description":"PolicyURI is a URL string that points to a human-readable privacy policy document that describes how the deployment organization collects, uses, retains, and discloses personal data.","description_kind":"markdown","optional":true},"post_logout_redirect_uris":{"type":["list","string"],"description_kind":"plain","optional":true},"redirect_uris":{"type":["list","string"],"description_kind":"plain","optional":true},"request_object_signing_alg":{"type":"string","description":"JWS [JWS] alg algorithm [JWA] that MUST be used for signing Request Objects sent to the OP. All Request Objects from this Client MUST be rejected, if not signed with this algorithm.","description_kind":"markdown","optional":true},"request_uris":{"type":["list","string"],"description_kind":"plain","optional":true},"response_types":{"type":["list","string"],"description_kind":"plain","optional":true},"scopes":{"type":["list","string"],"description_kind":"plain","optional":true,"computed":true},"sector_identifier_uri":{"type":"string","description":"URL using the https scheme to be used in calculating Pseudonymous Identifiers by the OP. The URL references a file with a single JSON array of redirect_uri values.","description_kind":"markdown","optional":true},"subject_type":{"type":"string","description":"SubjectType requested for responses to this Client. The subject_types_supported Discovery parameter contains a list of the supported subject_type values for this server. Valid types include `pairwise` and `public`.","description_kind":"markdown","optional":true,"computed":true},"token_endpoint_auth_method":{"type":"string","description":"Requested Client Authentication method for the Token Endpoint. The options are `client_secret_post`, `client_secret_basic`, `private_key_jwt`, and `none`.","description_kind":"markdown","optional":true,"computed":true},"token_endpoint_auth_signing_alg":{"type":"string","description":"Requested Client Authentication signing algorithm for the Token Endpoint.","description_kind":"markdown","optional":true},"tos_uri":{"type":"string","description":"TermsOfServiceURI is a URL string that points to a human-readable terms of service document for the client that describes a contractual relationship between the end-user and the client that the end-user accepts when authorizing the client.","description_kind":"markdown","optional":true},"userinfo_signed_response_alg":{"type":"string","description":"JWS alg algorithm [JWA] REQUIRED for signing UserInfo Responses. \nIf this is specified, the response will be JWT [JWT] serialized, and signed using JWS. \nThe default, if omitted, is for the UserInfo Response to return the Claims as a UTF-8 encoded JSON object using the application/json content-type.","description_kind":"markdown","optional":true,"computed":true}},"block_types":{"jwk":{"nesting_mode":"list","block":{"attributes":{"alg":{"type":"string","description_kind":"plain","required":true},"crv":{"type":"string","description_kind":"plain","optional":true,"computed":true},"d":{"type":"string","description_kind":"plain","optional":true,"computed":true,"sensitive":true},"dp":{"type":"string","description_kind":"plain","optional":true,"computed":true,"sensitive":true},"dq":{"type":"string","description_kind":"plain","optional":true,"computed":true,"sensitive":true},"e":{"type":"string","description_kind":"plain","optional":true,"computed":true,"sensitive":true},"k":{"type":"string","description_kind":"plain","optional":true,"computed":true,"sensitive":true},"kid":{"type":"string","description_kind":"plain","required":true},"kty":{"type":"string","description_kind":"plain","required":true},"n":{"type":"string","description_kind":"plain","optional":true,"computed":true},"p":{"type":"string","description_kind":"plain","optional":true,"computed":true,"sensitive":true},"q":{"type":"string","description_kind":"plain","optional":true,"computed":true,"sensitive":true},"qi":{"type":"string","description_kind":"plain","optional":true,"computed":true,"sensitive":true},"use":{"type":"string","description_kind":"plain","required":true},"x":{"type":"string","description_kind":"plain","optional":true,"computed":true,"sensitive":true},"x5c":{"type":["list","string"],"description_kind":"plain","optional":true,"computed":true},"y":{"type":"string","description_kind":"plain","optional":true,"computed":true,"sensitive":true}},"description":"A JSON Web Key (JWK) is a JavaScript Object Notation (JSON) data structure that represents a cryptographic key. \nA JWK Set is a JSON data structure that represents a set of JWKs. \nA JSON Web Key is identified by its set and key id. ORY Hydra uses this functionality to store cryptographic keys used for TLS and JSON Web Tokens (such as OpenID Connect ID tokens), and allows storing user-defined keys as well.","description_kind":"markdown"}}},"description":"OAuth 2.0 clients are used to perform OAuth 2.0 and OpenID Connect flows. \nUsually, OAuth 2.0 clients are generated for applications which want to consume your OAuth 2.0 or OpenID Connect capabilities. \nTo manage ORY Hydra, you will need an OAuth 2.0 Client as well. \nMake sure that this endpoint is well protected and only callable by first-party components.\n","description_kind":"markdown"}}},"data_source_schemas":{"hydra_jwks":{"version":0,"block":{"attributes":{"id":{"type":"string","description_kind":"plain","optional":true,"computed":true},"keys":{"type":["list",["object",{"alg":"string","crv":"string","d":"string","dp":"string","dq":"string","e":"string","k":"string","kid":"string","kty":"string","n":"string","p":"string","q":"string","qi":"string","use":"string","x":"string","x5c":["list","string"],"y":"string"}]],"description_kind":"plain","computed":true},"name":{"type":"string","description_kind":"plain","required":true}},"description":"A JSON Web Key (JWK) is a JavaScript Object Notation (JSON) data structure that represents a cryptographic key. \nA JWK Set is a JSON data structure that represents a set of JWKs. \nA JSON Web Key is identified by its set and key id. ORY Hydra uses this functionality to store cryptographic keys used for TLS and JSON Web Tokens (such as OpenID Connect ID tokens), and allows storing user-defined keys as well.","description_kind":"markdown"}}}}}}
