{"format_version":"0.2","provider_schemas":{"registry.terraform.io/syseleven/metakube":{"provider":{"version":0,"block":{"attributes":{"debug":{"type":"bool","description":"Run debug mode.","description_kind":"plain","optional":true},"development":{"type":"bool","description":"Run development mode.","description_kind":"plain","optional":true},"host":{"type":"string","description":"The hostname of MetaKube API (in form of URI)","description_kind":"plain","optional":true},"log_path":{"type":"string","description":"Path to store logs","description_kind":"plain","optional":true},"token":{"type":"string","description":"Authentication token","description_kind":"plain","optional":true},"token_path":{"type":"string","description":"Path to the MetaKube authentication token, defaults to ~/.metakube/auth","description_kind":"plain","optional":true}},"description_kind":"plain"}},"resource_schemas":{"metakube_cluster":{"version":0,"block":{"attributes":{"creation_timestamp":{"type":"string","description":"Creation timestamp","description_kind":"plain","computed":true},"dc_name":{"type":"string","description":"Data center name","description_kind":"plain","required":true},"deletion_timestamp":{"type":"string","description":"Deletion timestamp","description_kind":"plain","computed":true},"id":{"type":"string","description_kind":"plain","optional":true,"computed":true},"kube_config":{"type":"string","description_kind":"plain","computed":true},"labels":{"type":["map","string"],"description":"Labels added to cluster","description_kind":"plain","optional":true},"name":{"type":"string","description":"Cluster name","description_kind":"plain","required":true},"project_id":{"type":"string","description":"Reference project identifier","description_kind":"plain","required":true},"sshkeys":{"type":["set","string"],"description":"SSH keys attached to nodes","description_kind":"plain","optional":true}},"block_types":{"spec":{"nesting_mode":"list","block":{"attributes":{"audit_logging":{"type":"bool","description":"Whether to enable audit logging or not","description_kind":"plain","optional":true},"domain_name":{"type":"string","description":"Internal IP range for ClusterIP Pods","description_kind":"plain","optional":true,"computed":true},"enable_ssh_agent":{"type":"bool","description":"SSH Agent as a daemon running on each node that can manage ssh keys. Disable it if you want to manage keys manually","description_kind":"plain","optional":true},"pod_node_selector":{"type":"bool","description":"Configure PodNodeSelector admission plugin at the apiserver","description_kind":"plain","optional":true},"pod_security_policy":{"type":"bool","description":"Pod security policies allow detailed authorization of pod creation and updates","description_kind":"plain","optional":true},"pods_cidr":{"type":"string","description":"Internal IP range for Pods","description_kind":"plain","optional":true,"computed":true},"services_cidr":{"type":"string","description":"Internal IP range for ClusterIP Services","description_kind":"plain","optional":true,"computed":true},"version":{"type":"string","description":"Cloud orchestrator version, either Kubernetes or OpenShift","description_kind":"plain","required":true}},"block_types":{"cloud":{"nesting_mode":"list","block":{"block_types":{"aws":{"nesting_mode":"list","block":{"attributes":{"access_key_id":{"type":"string","description":"Access key identifier","description_kind":"plain","required":true,"sensitive":true},"instance_profile_name":{"type":"string","description":"Instance profile name","description_kind":"plain","optional":true},"openstack_billing_tenant":{"type":"string","description":"Openstack tenant/project name for the account","description_kind":"plain","required":true},"role_arn":{"type":"string","description":"The IAM role the control plane will use over assume-role","description_kind":"plain","optional":true},"route_table_id":{"type":"string","description":"Route table identifier","description_kind":"plain","optional":true},"secret_access_key":{"type":"string","description":"Secret access key","description_kind":"plain","required":true,"sensitive":true},"security_group_id":{"type":"string","description":"Security group identifier","description_kind":"plain","optional":true},"vpc_id":{"type":"string","description":"Virtual private cloud identifier","description_kind":"plain","required":true}},"description":"AWS cluster specification","description_kind":"plain"},"max_items":1},"azure":{"nesting_mode":"list","block":{"attributes":{"availability_set":{"type":"string","description_kind":"plain","optional":true},"client_id":{"type":"string","description_kind":"plain","required":true},"client_secret":{"type":"string","description_kind":"plain","required":true,"sensitive":true},"openstack_billing_tenant":{"type":"string","description":"Openstack tenant/project name for the account","description_kind":"plain","required":true},"resource_group":{"type":"string","description_kind":"plain","optional":true,"computed":true},"route_table":{"type":"string","description_kind":"plain","optional":true,"computed":true},"security_group":{"type":"string","description_kind":"plain","optional":true,"computed":true},"subnet":{"type":"string","description_kind":"plain","optional":true,"computed":true},"subscription_id":{"type":"string","description_kind":"plain","required":true},"tenant_id":{"type":"string","description_kind":"plain","required":true},"vnet":{"type":"string","description_kind":"plain","optional":true,"computed":true}},"description":"Azire cluster specification","description_kind":"plain"},"max_items":1},"openstack":{"nesting_mode":"list","block":{"attributes":{"application_credentials_id":{"type":"string","description":"Openstack application credentials ID","description_kind":"plain","optional":true},"application_credentials_secret":{"type":"string","description":"Openstack application credentials secret","description_kind":"plain","optional":true,"sensitive":true},"floating_ip_pool":{"type":"string","description":"The floating ip pool used by all worker nodes to receive a public ip","description_kind":"plain","optional":true,"computed":true},"network":{"type":"string","description":"When specified, all worker nodes will be attached to this network. If not specified, a network, subnet \u0026 router will be created.","description_kind":"plain","optional":true,"computed":true},"password":{"type":"string","description":"The openstack account's password","description_kind":"plain","optional":true,"sensitive":true},"security_group":{"type":"string","description":"When specified, all worker nodes will be attached to this security group. If not specified, a security group will be created","description_kind":"plain","optional":true,"computed":true},"subnet_cidr":{"type":"string","description":"Change this to configure a different internal IP range for Nodes. Default: 192.168.1.0/24","description_kind":"plain","optional":true,"computed":true},"subnet_id":{"type":"string","description":"When specified, all worker nodes will be attached to this subnet of specified network. If not specified, a network, subnet \u0026 router will be created.","description_kind":"plain","optional":true,"computed":true},"tenant":{"type":"string","description":"The opestack project to use for billing","description_kind":"plain","optional":true},"username":{"type":"string","description":"The openstack account's username","description_kind":"plain","optional":true,"sensitive":true}},"description":"OpenStack cluster specification","description_kind":"plain"},"max_items":1}},"description":"Cloud provider specification","description_kind":"plain"},"min_items":1,"max_items":1},"machine_networks":{"nesting_mode":"list","block":{"attributes":{"cidr":{"type":"string","description":"Network CIDR","description_kind":"plain","optional":true},"dns_servers":{"type":["set","string"],"description":"DNS servers","description_kind":"plain","optional":true},"gateway":{"type":"string","description":"Network gateway","description_kind":"plain","optional":true}},"description":"Machine networks optionally specifies the parameters for IPAM","description_kind":"plain"}},"update_window":{"nesting_mode":"list","block":{"attributes":{"length":{"type":"string","description":"Node reboot window duration","description_kind":"plain","required":true},"start":{"type":"string","description":"Node reboot window start time","description_kind":"plain","required":true}},"description":"Flatcar nodes reboot window","description_kind":"plain"},"max_items":1}},"description":"Cluster specification","description_kind":"plain"},"min_items":1,"max_items":1}},"description_kind":"plain"}},"metakube_node_deployment":{"version":0,"block":{"attributes":{"cluster_id":{"type":"string","description":"Cluster that node deployment belongs to","description_kind":"plain","required":true},"creation_timestamp":{"type":"string","description":"Creation timestamp","description_kind":"plain","computed":true},"deletion_timestamp":{"type":"string","description":"Deletion timestamp","description_kind":"plain","computed":true},"id":{"type":"string","description_kind":"plain","optional":true,"computed":true},"name":{"type":"string","description":"Node deployment name","description_kind":"plain","optional":true,"computed":true},"project_id":{"type":"string","description":"Project the cluster belongs to","description_kind":"plain","computed":true}},"block_types":{"spec":{"nesting_mode":"list","block":{"attributes":{"dynamic_config":{"type":"bool","description":"Enable metakube kubelete dynamic config","description_kind":"plain","optional":true},"max_replicas":{"type":"number","description":"Maximum number of replicas to scale up","description_kind":"plain","optional":true},"min_replicas":{"type":"number","description":"Minimum number of replicas to downscale","description_kind":"plain","optional":true},"replicas":{"type":"number","description":"Number of replicas","description_kind":"plain","optional":true}},"block_types":{"template":{"nesting_mode":"list","block":{"attributes":{"labels":{"type":["map","string"],"description":"Map of string keys and values that can be used to organize and categorize (scope and select) objects. It will be applied to Nodes allowing users run their apps on specific Node using labelSelector.","description_kind":"plain","optional":true,"computed":true}},"block_types":{"cloud":{"nesting_mode":"list","block":{"block_types":{"aws":{"nesting_mode":"list","block":{"attributes":{"ami":{"type":"string","description":"Amazon Machine Image to use. Will be defaulted to an AMI of your selected operating system and region","description_kind":"plain","optional":true},"assign_public_ip":{"type":"bool","description":"Flag which controls a property of the AWS instance. When set the AWS instance will get a public IP address assigned during launch overriding a possible setting in the used AWS subnet.","description_kind":"plain","optional":true},"availability_zone":{"type":"string","description":"Availability zone in which to place the node. It is coupled with the subnet to which the node will belong","description_kind":"plain","required":true},"disk_size":{"type":"number","description":"Size of the volume in GBs. Only one volume will be created","description_kind":"plain","required":true},"instance_type":{"type":"string","description":"EC2 instance type","description_kind":"plain","required":true},"subnet_id":{"type":"string","description":"The VPC subnet to which the node shall be connected","description_kind":"plain","required":true},"tags":{"type":["map","string"],"description":"Additional instance tags","description_kind":"plain","optional":true,"computed":true},"volume_type":{"type":"string","description":"EBS volume type","description_kind":"plain","required":true}},"description":"AWS node deployment specification","description_kind":"plain"},"max_items":1},"azure":{"nesting_mode":"list","block":{"attributes":{"assign_public_ip":{"type":"bool","description":"whether to have public facing IP or not","description_kind":"plain","optional":true},"disk_size_gb":{"type":"number","description":"Data disk size in GB","description_kind":"plain","optional":true},"image_id":{"type":"string","description":"Node image id","description_kind":"plain","optional":true},"os_disk_size_gb":{"type":"number","description":"OS disk size in GB","description_kind":"plain","optional":true},"size":{"type":"string","description":"VM size","description_kind":"plain","required":true},"tags":{"type":["map","string"],"description":"Additional metadata to set","description_kind":"plain","optional":true,"computed":true},"zones":{"type":["list","string"],"description":"Represents the availablity zones for azure vms","description_kind":"plain","optional":true,"computed":true}},"description":"Azure node deployment specification","description_kind":"plain"},"max_items":1},"openstack":{"nesting_mode":"list","block":{"attributes":{"disk_size":{"type":"number","description":"If set, the rootDisk will be a volume. If not, the rootDisk will be on ephemeral storage and its size will be derived from the flavor","description_kind":"plain","optional":true},"flavor":{"type":"string","description":"Instance type","description_kind":"plain","required":true},"image":{"type":"string","description":"Image to use","description_kind":"plain","required":true},"instance_ready_check_period":{"type":"string","description":"Specifies how often should the controller check if instance is ready before timing out","description_kind":"plain","optional":true},"instance_ready_check_timeout":{"type":"string","description":"Specifies how long should the controller check if instance is ready before timing out","description_kind":"plain","optional":true},"tags":{"type":["map","string"],"description":"Additional instance tags","description_kind":"plain","optional":true,"computed":true},"use_floating_ip":{"type":"bool","description":"Indicate use of floating ip in case of floating_ip_pool presense","description_kind":"plain","optional":true}},"description":"OpenStack node deployment specification","description_kind":"plain"},"max_items":1}},"description":"Cloud specification","description_kind":"plain"},"min_items":1,"max_items":1},"operating_system":{"nesting_mode":"list","block":{"block_types":{"flatcar":{"nesting_mode":"list","block":{"attributes":{"disable_auto_update":{"type":"bool","description":"Disable flatcar auto update feature","description_kind":"plain","optional":true}},"description":"Flatcar operating system","description_kind":"plain"},"max_items":1},"ubuntu":{"nesting_mode":"list","block":{"attributes":{"dist_upgrade_on_boot":{"type":"bool","description":"Upgrade operating system on boot","description_kind":"plain","optional":true}},"description":"Ubuntu operating system","description_kind":"plain"},"max_items":1}},"description":"Operating system","description_kind":"plain"},"min_items":1,"max_items":1},"taints":{"nesting_mode":"list","block":{"attributes":{"effect":{"type":"string","description":"Taint effect","description_kind":"plain","required":true},"key":{"type":"string","description":"Taint key","description_kind":"plain","required":true},"value":{"type":"string","description":"Taint value","description_kind":"plain","required":true}},"description":"List of taints to set on new nodes","description_kind":"plain"}},"versions":{"nesting_mode":"list","block":{"attributes":{"kubelet":{"type":"string","description":"Kubelet version","description_kind":"plain","optional":true,"computed":true}},"description":"Cloud components versions","description_kind":"plain"},"max_items":1}},"description":"Template specification","description_kind":"plain"},"min_items":1,"max_items":1}},"description":"Node deployment specification","description_kind":"plain"},"min_items":1,"max_items":1}},"description_kind":"plain"}},"metakube_sshkey":{"version":0,"block":{"attributes":{"id":{"type":"string","description_kind":"plain","optional":true,"computed":true},"name":{"type":"string","description_kind":"plain","required":true},"project_id":{"type":"string","description_kind":"plain","required":true},"public_key":{"type":"string","description_kind":"plain","required":true}},"description_kind":"plain"}}},"data_source_schemas":{"metakube_k8s_version":{"version":0,"block":{"attributes":{"id":{"type":"string","description_kind":"plain","optional":true,"computed":true},"major":{"type":"string","description":"Kubernetes cluster major version","description_kind":"plain","optional":true},"minor":{"type":"string","description":"Kubernetes cluster minor version","description_kind":"plain","optional":true},"version":{"type":"string","description":"The latest version of kubernetes cluster that satisfies specification and supported by MetaKube","description_kind":"plain","computed":true}},"description_kind":"plain"}}}}}}
