{"format_version":"0.2","provider_schemas":{"registry.terraform.io/t-tran/netbox":{"provider":{"version":0,"block":{"attributes":{"allow_insecure_https":{"type":"bool","description":"Flag to set whether to allow https with invalid certificates","description_kind":"plain","optional":true},"api_token":{"type":"string","description":"Netbox API authentication token","description_kind":"plain","required":true},"server_url":{"type":"string","description":"Location of Netbox server including scheme and optional port","description_kind":"plain","required":true}},"description_kind":"plain"}},"resource_schemas":{"netbox_available_ip_address":{"version":0,"block":{"attributes":{"dns_name":{"type":"string","description_kind":"plain","optional":true},"id":{"type":"string","description_kind":"plain","optional":true,"computed":true},"interface_id":{"type":"number","description_kind":"plain","optional":true},"ip_address":{"type":"string","description_kind":"plain","computed":true},"prefix_id":{"type":"number","description_kind":"plain","required":true},"status":{"type":"string","description_kind":"plain","required":true},"tags":{"type":["set","string"],"description_kind":"plain","optional":true},"tenant_id":{"type":"number","description_kind":"plain","optional":true},"vrf_id":{"type":"number","description_kind":"plain","optional":true}},"description_kind":"plain"}},"netbox_available_prefix":{"version":0,"block":{"attributes":{"description":{"type":"string","description_kind":"plain","optional":true},"id":{"type":"string","description_kind":"plain","optional":true,"computed":true},"is_pool":{"type":"bool","description_kind":"plain","optional":true},"parent_prefix_id":{"type":"number","description_kind":"plain","required":true},"prefix":{"type":"string","description_kind":"plain","computed":true},"prefix_length":{"type":"number","description_kind":"plain","required":true},"role_id":{"type":"number","description_kind":"plain","optional":true},"site_id":{"type":"number","description_kind":"plain","optional":true},"status":{"type":"string","description_kind":"plain","required":true},"tags":{"type":["set","string"],"description_kind":"plain","optional":true},"tenant_id":{"type":"number","description_kind":"plain","optional":true},"vlan_id":{"type":"number","description_kind":"plain","optional":true},"vrf_id":{"type":"number","description_kind":"plain","optional":true}},"description_kind":"plain"}},"netbox_cluster":{"version":0,"block":{"attributes":{"cluster_group_id":{"type":"number","description_kind":"plain","optional":true},"cluster_type_id":{"type":"number","description_kind":"plain","required":true},"id":{"type":"string","description_kind":"plain","optional":true,"computed":true},"name":{"type":"string","description_kind":"plain","required":true},"site_id":{"type":"number","description_kind":"plain","optional":true},"tags":{"type":["set","string"],"description_kind":"plain","optional":true}},"description_kind":"plain"}},"netbox_cluster_group":{"version":0,"block":{"attributes":{"description":{"type":"string","description_kind":"plain","optional":true},"id":{"type":"string","description_kind":"plain","optional":true,"computed":true},"name":{"type":"string","description_kind":"plain","required":true},"slug":{"type":"string","description_kind":"plain","optional":true,"computed":true}},"description_kind":"plain"}},"netbox_cluster_type":{"version":0,"block":{"attributes":{"id":{"type":"string","description_kind":"plain","optional":true,"computed":true},"name":{"type":"string","description_kind":"plain","required":true},"slug":{"type":"string","description_kind":"plain","optional":true,"computed":true}},"description_kind":"plain"}},"netbox_device":{"version":0,"block":{"attributes":{"asset_tag":{"type":"string","description_kind":"plain","optional":true},"cluster_id":{"type":"number","description_kind":"plain","optional":true},"comments":{"type":"string","description_kind":"plain","optional":true},"custom_fields":{"type":["map","string"],"description_kind":"plain","optional":true},"device_role_id":{"type":"number","description_kind":"plain","required":true},"device_type_id":{"type":"number","description_kind":"plain","required":true},"face":{"type":"string","description_kind":"plain","optional":true},"id":{"type":"string","description_kind":"plain","optional":true,"computed":true},"name":{"type":"string","description_kind":"plain","optional":true},"parent_device_id":{"type":"number","description_kind":"plain","optional":true},"platform_id":{"type":"number","description_kind":"plain","optional":true},"position_id":{"type":"number","description_kind":"plain","optional":true},"rack_id":{"type":"number","description_kind":"plain","optional":true},"serial":{"type":"string","description_kind":"plain","optional":true},"site_id":{"type":"number","description_kind":"plain","required":true},"status":{"type":"string","description_kind":"plain","optional":true},"tags":{"type":["set","string"],"description_kind":"plain","optional":true},"tenant_id":{"type":"number","description_kind":"plain","optional":true},"vc_position_id":{"type":"number","description_kind":"plain","optional":true},"vc_priority_id":{"type":"number","description_kind":"plain","optional":true},"virtual_chassis_id":{"type":"number","description_kind":"plain","optional":true}},"description_kind":"plain"}},"netbox_device_interface":{"version":0,"block":{"attributes":{"connection_status":{"type":"bool","description_kind":"plain","optional":true},"description":{"type":"string","description_kind":"plain","optional":true},"device_id":{"type":"number","description_kind":"plain","required":true},"enabled":{"type":"bool","description_kind":"plain","optional":true},"id":{"type":"string","description_kind":"plain","optional":true,"computed":true},"label":{"type":"string","description_kind":"plain","optional":true},"mac_address":{"type":"string","description_kind":"plain","optional":true},"management_only":{"type":"bool","description_kind":"plain","optional":true},"mode":{"type":"string","description_kind":"plain","optional":true},"mtu":{"type":"number","description_kind":"plain","optional":true},"name":{"type":"string","description_kind":"plain","required":true},"tagged_vlan":{"type":["list","number"],"description_kind":"plain","optional":true},"tags":{"type":["set","string"],"description_kind":"plain","optional":true},"type":{"type":"string","description_kind":"plain","required":true},"untagged_vlan_id":{"type":"number","description_kind":"plain","optional":true}},"description_kind":"plain"}},"netbox_device_primary_ip":{"version":0,"block":{"attributes":{"device_id":{"type":"number","description_kind":"plain","required":true},"id":{"type":"string","description_kind":"plain","optional":true,"computed":true},"ip_address_id":{"type":"number","description_kind":"plain","required":true},"ip_address_version":{"type":"number","description_kind":"plain","optional":true}},"description_kind":"plain"}},"netbox_device_role":{"version":0,"block":{"attributes":{"color_hex":{"type":"string","description_kind":"plain","required":true},"id":{"type":"string","description_kind":"plain","optional":true,"computed":true},"name":{"type":"string","description_kind":"plain","required":true},"slug":{"type":"string","description_kind":"plain","optional":true,"computed":true},"vm_role":{"type":"bool","description_kind":"plain","optional":true}},"description_kind":"plain"}},"netbox_device_type":{"version":0,"block":{"attributes":{"id":{"type":"string","description_kind":"plain","optional":true,"computed":true},"is_full_depth":{"type":"bool","description_kind":"plain","optional":true},"manufacturer_id":{"type":"number","description_kind":"plain","required":true},"model":{"type":"string","description_kind":"plain","required":true},"slug":{"type":"string","description_kind":"plain","optional":true,"computed":true},"tags":{"type":["set","string"],"description_kind":"plain","optional":true},"u_height":{"type":"number","description_kind":"plain","optional":true}},"description_kind":"plain"}},"netbox_ip_address":{"version":0,"block":{"attributes":{"dns_name":{"type":"string","description_kind":"plain","optional":true},"id":{"type":"string","description_kind":"plain","optional":true,"computed":true},"interface_id":{"type":"number","description_kind":"plain","optional":true},"interface_type":{"type":"string","description_kind":"plain","optional":true},"ip_address":{"type":"string","description_kind":"plain","required":true},"status":{"type":"string","description_kind":"plain","required":true},"tags":{"type":["set","string"],"description_kind":"plain","optional":true},"tenant_id":{"type":"number","description_kind":"plain","optional":true},"vrf_id":{"type":"number","description_kind":"plain","optional":true}},"description_kind":"plain"}},"netbox_ipam_role":{"version":0,"block":{"attributes":{"description":{"type":"string","description_kind":"plain","optional":true},"id":{"type":"string","description_kind":"plain","optional":true,"computed":true},"name":{"type":"string","description_kind":"plain","required":true},"slug":{"type":"string","description_kind":"plain","optional":true,"computed":true},"weight":{"type":"number","description_kind":"plain","optional":true}},"description_kind":"plain"}},"netbox_manufacturer":{"version":0,"block":{"attributes":{"description":{"type":"string","description_kind":"plain","optional":true},"id":{"type":"string","description_kind":"plain","optional":true,"computed":true},"name":{"type":"string","description_kind":"plain","required":true},"slug":{"type":"string","description_kind":"plain","optional":true,"computed":true}},"description_kind":"plain"}},"netbox_platform":{"version":0,"block":{"attributes":{"id":{"type":"string","description_kind":"plain","optional":true,"computed":true},"name":{"type":"string","description_kind":"plain","required":true},"slug":{"type":"string","description_kind":"plain","optional":true,"computed":true}},"description_kind":"plain"}},"netbox_prefix":{"version":0,"block":{"attributes":{"description":{"type":"string","description_kind":"plain","optional":true},"id":{"type":"string","description_kind":"plain","optional":true,"computed":true},"is_pool":{"type":"bool","description_kind":"plain","optional":true},"prefix":{"type":"string","description_kind":"plain","required":true},"role_id":{"type":"number","description_kind":"plain","optional":true},"site_id":{"type":"number","description_kind":"plain","optional":true},"status":{"type":"string","description_kind":"plain","required":true},"tags":{"type":["set","string"],"description_kind":"plain","optional":true},"tenant_id":{"type":"number","description_kind":"plain","optional":true},"vlan_id":{"type":"number","description_kind":"plain","optional":true},"vrf_id":{"type":"number","description_kind":"plain","optional":true}},"description_kind":"plain"}},"netbox_service":{"version":0,"block":{"attributes":{"id":{"type":"string","description_kind":"plain","optional":true,"computed":true},"name":{"type":"string","description_kind":"plain","required":true},"port":{"type":"number","description_kind":"plain","deprecated":true,"optional":true},"ports":{"type":["set","number"],"description_kind":"plain","optional":true},"protocol":{"type":"string","description_kind":"plain","required":true},"virtual_machine_id":{"type":"number","description_kind":"plain","required":true}},"description_kind":"plain"}},"netbox_site":{"version":0,"block":{"attributes":{"asn":{"type":"number","description_kind":"plain","optional":true},"description":{"type":"string","description_kind":"plain","optional":true},"facility":{"type":"string","description_kind":"plain","optional":true},"id":{"type":"string","description_kind":"plain","optional":true,"computed":true},"name":{"type":"string","description_kind":"plain","required":true},"region_id":{"type":"number","description_kind":"plain","optional":true},"slug":{"type":"string","description_kind":"plain","optional":true,"computed":true},"status":{"type":"string","description_kind":"plain","required":true}},"description_kind":"plain"}},"netbox_tag":{"version":0,"block":{"attributes":{"color_hex":{"type":"string","description_kind":"plain","optional":true},"id":{"type":"string","description_kind":"plain","optional":true,"computed":true},"name":{"type":"string","description_kind":"plain","required":true},"slug":{"type":"string","description_kind":"plain","optional":true,"computed":true},"tags":{"type":["set","string"],"description_kind":"plain","optional":true}},"description_kind":"plain"}},"netbox_tenant":{"version":0,"block":{"attributes":{"group_id":{"type":"number","description_kind":"plain","optional":true},"id":{"type":"string","description_kind":"plain","optional":true,"computed":true},"name":{"type":"string","description_kind":"plain","required":true},"slug":{"type":"string","description_kind":"plain","optional":true,"computed":true},"tags":{"type":["set","string"],"description_kind":"plain","optional":true}},"description_kind":"plain"}},"netbox_tenant_group":{"version":0,"block":{"attributes":{"description":{"type":"string","description_kind":"plain","optional":true},"id":{"type":"string","description_kind":"plain","optional":true,"computed":true},"name":{"type":"string","description_kind":"plain","required":true},"parent_id":{"type":"number","description_kind":"plain","optional":true},"slug":{"type":"string","description_kind":"plain","optional":true,"computed":true}},"description_kind":"plain"}},"netbox_virtual_machine":{"version":0,"block":{"attributes":{"cluster_id":{"type":"number","description_kind":"plain","required":true},"comments":{"type":"string","description_kind":"plain","optional":true},"custom_fields":{"type":["map","string"],"description_kind":"plain","optional":true},"disk_size_gb":{"type":"number","description_kind":"plain","optional":true},"id":{"type":"string","description_kind":"plain","optional":true,"computed":true},"memory_mb":{"type":"number","description_kind":"plain","optional":true},"name":{"type":"string","description_kind":"plain","required":true},"platform_id":{"type":"number","description_kind":"plain","optional":true},"primary_ipv4":{"type":"number","description_kind":"plain","computed":true},"primary_ipv6":{"type":"number","description_kind":"plain","computed":true},"role_id":{"type":"number","description_kind":"plain","optional":true},"site_id":{"type":"number","description_kind":"plain","computed":true},"tags":{"type":["set","string"],"description_kind":"plain","optional":true},"tenant_id":{"type":"number","description_kind":"plain","optional":true},"vcpus":{"type":"string","description_kind":"plain","optional":true}},"description_kind":"plain"}},"netbox_vlan":{"version":0,"block":{"attributes":{"description":{"type":"string","description_kind":"plain","optional":true},"id":{"type":"string","description_kind":"plain","optional":true,"computed":true},"name":{"type":"string","description_kind":"plain","required":true},"role_id":{"type":"number","description_kind":"plain","optional":true},"site_id":{"type":"number","description_kind":"plain","optional":true},"status":{"type":"string","description_kind":"plain","optional":true},"tags":{"type":["set","string"],"description_kind":"plain","required":true},"tenant_id":{"type":"number","description_kind":"plain","optional":true},"vid":{"type":"number","description_kind":"plain","required":true}},"description_kind":"plain"}},"netbox_vm_interface":{"version":0,"block":{"attributes":{"description":{"type":"string","description_kind":"plain","optional":true},"id":{"type":"string","description_kind":"plain","optional":true,"computed":true},"mac_address":{"type":"string","description_kind":"plain","optional":true},"name":{"type":"string","description_kind":"plain","required":true},"tags":{"type":["set","string"],"description_kind":"plain","optional":true},"type":{"type":"string","description_kind":"plain","deprecated":true,"optional":true},"virtual_machine_id":{"type":"number","description_kind":"plain","required":true}},"description_kind":"plain"}},"netbox_vm_primary_ip":{"version":0,"block":{"attributes":{"id":{"type":"string","description_kind":"plain","optional":true,"computed":true},"ip_address_id":{"type":"number","description_kind":"plain","required":true},"ip_address_version":{"type":"number","description_kind":"plain","optional":true},"virtual_machine_id":{"type":"number","description_kind":"plain","required":true}},"description_kind":"plain"}},"netbox_vrf":{"version":0,"block":{"attributes":{"id":{"type":"string","description_kind":"plain","optional":true,"computed":true},"name":{"type":"string","description_kind":"plain","required":true},"tags":{"type":["set","string"],"description_kind":"plain","optional":true}},"description_kind":"plain"}}},"data_source_schemas":{"netbox_cluster":{"version":0,"block":{"attributes":{"cluster_id":{"type":"number","description_kind":"plain","computed":true},"id":{"type":"string","description_kind":"plain","optional":true,"computed":true},"name":{"type":"string","description_kind":"plain","required":true}},"description_kind":"plain"}},"netbox_cluster_group":{"version":0,"block":{"attributes":{"cluster_group_id":{"type":"number","description_kind":"plain","computed":true},"id":{"type":"string","description_kind":"plain","optional":true,"computed":true},"name":{"type":"string","description_kind":"plain","required":true}},"description_kind":"plain"}},"netbox_device_role":{"version":0,"block":{"attributes":{"color_hex":{"type":"string","description_kind":"plain","computed":true},"id":{"type":"string","description_kind":"plain","optional":true,"computed":true},"name":{"type":"string","description_kind":"plain","required":true},"slug":{"type":"string","description_kind":"plain","computed":true}},"description_kind":"plain"}},"netbox_device_type":{"version":0,"block":{"attributes":{"id":{"type":"string","description_kind":"plain","optional":true,"computed":true},"model":{"type":"string","description_kind":"plain","required":true},"slug":{"type":"string","description_kind":"plain","computed":true}},"description_kind":"plain"}},"netbox_platform":{"version":0,"block":{"attributes":{"id":{"type":"string","description_kind":"plain","optional":true,"computed":true},"name":{"type":"string","description_kind":"plain","required":true},"slug":{"type":"string","description_kind":"plain","computed":true}},"description_kind":"plain"}},"netbox_prefix":{"version":0,"block":{"attributes":{"cidr":{"type":"string","description_kind":"plain","required":true},"id":{"type":"number","description_kind":"plain","computed":true}},"description_kind":"plain"}},"netbox_site":{"version":0,"block":{"attributes":{"id":{"type":"string","description_kind":"plain","optional":true,"computed":true},"name":{"type":"string","description_kind":"plain","required":true},"slug":{"type":"string","description_kind":"plain","computed":true}},"description_kind":"plain"}},"netbox_tag":{"version":0,"block":{"attributes":{"id":{"type":"string","description_kind":"plain","optional":true,"computed":true},"name":{"type":"string","description_kind":"plain","required":true},"slug":{"type":"string","description_kind":"plain","computed":true}},"description_kind":"plain"}},"netbox_tenant":{"version":0,"block":{"attributes":{"group_id":{"type":"number","description_kind":"plain","computed":true},"id":{"type":"string","description_kind":"plain","optional":true,"computed":true},"name":{"type":"string","description_kind":"plain","required":true},"slug":{"type":"string","description_kind":"plain","computed":true}},"description_kind":"plain"}},"netbox_tenant_group":{"version":0,"block":{"attributes":{"description":{"type":"string","description_kind":"plain","computed":true},"id":{"type":"string","description_kind":"plain","optional":true,"computed":true},"name":{"type":"string","description_kind":"plain","required":true},"parent_id":{"type":"number","description_kind":"plain","computed":true},"slug":{"type":"string","description_kind":"plain","computed":true}},"description_kind":"plain"}},"netbox_virtual_machines":{"version":0,"block":{"attributes":{"id":{"type":"string","description_kind":"plain","optional":true,"computed":true},"limit":{"type":"number","description_kind":"plain","optional":true},"name_regex":{"type":"string","description_kind":"plain","optional":true},"vms":{"type":["list",["object",{"cluster_id":"number","comments":"string","config_context":"string","custom_fields":["map","string"],"disk_size_gb":"number","local_context_data":"string","memory_mb":"number","name":"string","platform_id":"number","primary_ip":"string","primary_ip4":"string","primary_ip6":"string","role_id":"number","site_id":"number","status":"string","tag_ids":["list","number"],"tenant_id":"number","vcpus":"string","vm_id":"number"}]],"description_kind":"plain","computed":true}},"block_types":{"filter":{"nesting_mode":"set","block":{"attributes":{"name":{"type":"string","description_kind":"plain","required":true},"value":{"type":"string","description_kind":"plain","required":true}},"description_kind":"plain"}}},"description_kind":"plain"}},"netbox_vm_interfaces":{"version":0,"block":{"attributes":{"id":{"type":"string","description_kind":"plain","optional":true,"computed":true},"interfaces":{"type":["list",["object",{"description":"string","enabled":"bool","mac_address":"string","mode":["map","string"],"mtu":"number","name":"string","tag_ids":["list","number"],"tagged_vlans":["list",["object",{"id":"number","name":"string","vid":"number"}]],"untagged_vlan":["list",["object",{"id":"number","name":"string","vid":"number"}]],"vm_id":"number"}]],"description_kind":"plain","computed":true},"name_regex":{"type":"string","description_kind":"plain","optional":true}},"block_types":{"filter":{"nesting_mode":"set","block":{"attributes":{"name":{"type":"string","description_kind":"plain","required":true},"value":{"type":"string","description_kind":"plain","required":true}},"description_kind":"plain"}}},"description_kind":"plain"}},"netbox_vrf":{"version":0,"block":{"attributes":{"id":{"type":"string","description_kind":"plain","optional":true,"computed":true},"name":{"type":"string","description_kind":"plain","required":true}},"description_kind":"plain"}}}}}}
