{"format_version":"0.2","provider_schemas":{"registry.terraform.io/tailsdotcom/codeship":{"provider":{"version":0,"block":{"attributes":{"organization":{"type":"string","description_kind":"plain","optional":true},"password":{"type":"string","description_kind":"plain","optional":true,"sensitive":true},"username":{"type":"string","description_kind":"plain","optional":true}},"description_kind":"plain"}},"resource_schemas":{"codeship_encrypted":{"version":0,"block":{"attributes":{"aes_key":{"type":"string","description_kind":"plain","required":true,"sensitive":true},"content":{"type":"string","description_kind":"plain","required":true,"sensitive":true},"encrypted_content":{"type":"string","description_kind":"plain","computed":true},"id":{"type":"string","description_kind":"plain","optional":true,"computed":true}},"description_kind":"plain"}},"codeship_project":{"version":0,"block":{"attributes":{"aes_key":{"type":"string","description_kind":"plain","computed":true,"sensitive":true},"id":{"type":"string","description_kind":"plain","optional":true,"computed":true},"repo":{"type":"string","description_kind":"plain","required":true},"ssh_key":{"type":"string","description_kind":"plain","computed":true},"team_ids":{"type":["set","number"],"description_kind":"plain","optional":true}},"block_types":{"notification_rule":{"nesting_mode":"set","block":{"attributes":{"branch":{"type":"string","description_kind":"plain","optional":true},"branch_match":{"type":"string","description_kind":"plain","optional":true},"build_statuses":{"type":["list","string"],"description_kind":"plain","optional":true},"key":{"type":"string","description_kind":"plain","optional":true},"notifier":{"type":"string","description_kind":"plain","optional":true},"room":{"type":"string","description_kind":"plain","optional":true},"target":{"type":"string","description_kind":"plain","optional":true},"url":{"type":"string","description_kind":"plain","optional":true}},"description_kind":"plain"}}},"description_kind":"plain"}}},"data_source_schemas":{"codeship_project":{"version":0,"block":{"attributes":{"aes_key":{"type":"string","description_kind":"plain","computed":true,"sensitive":true},"id":{"type":"string","description_kind":"plain","optional":true,"computed":true},"notification_rule":{"type":["list",["object",{"branch":"string","branch_match":"string","build_statuses":["list","string"],"key":"string","notifier":"string","room":"string","target":"string","url":"string"}]],"description_kind":"plain","computed":true},"repo":{"type":"string","description_kind":"plain","required":true},"ssh_key":{"type":"string","description_kind":"plain","computed":true},"team_ids":{"type":["set","number"],"description_kind":"plain","computed":true}},"description_kind":"plain"}}}}}}
