{"format_version":"0.2","provider_schemas":{"registry.terraform.io/tailsdotcom/scram":{"provider":{"version":0,"block":{"description_kind":"plain"}},"resource_schemas":{"scram_password":{"version":0,"block":{"attributes":{"id":{"type":"string","description_kind":"plain","optional":true,"computed":true},"iter_count":{"type":"number","description_kind":"plain","optional":true},"password":{"type":"string","description_kind":"plain","required":true,"sensitive":true},"salt":{"type":"string","description_kind":"plain","computed":true,"sensitive":true},"scram_mech":{"type":"string","description_kind":"plain","optional":true},"server_key":{"type":"string","description_kind":"plain","computed":true,"sensitive":true},"stored_key":{"type":"string","description_kind":"plain","computed":true,"sensitive":true}},"description_kind":"plain"}}}}}}
