{"format_version":"0.2","provider_schemas":{"registry.terraform.io/taliesins/hyperv":{"provider":{"version":0,"block":{"attributes":{"cacert_path":{"type":"string","description":"The ca cert to use for HyperV API operations.","description_kind":"plain","optional":true},"cert_path":{"type":"string","description":"The cert to use for HyperV API operations.","description_kind":"plain","optional":true},"host":{"type":"string","description":"The HyperV server host for HyperV API operations.","description_kind":"plain","optional":true},"https":{"type":"bool","description":"Should https communication be used for HyperV API operations.","description_kind":"plain","optional":true},"insecure":{"type":"bool","description":"Should insecure communication be used for HyperV API operations.","description_kind":"plain","optional":true},"key_path":{"type":"string","description":"The cert key to use for HyperV API operations.","description_kind":"plain","optional":true},"password":{"type":"string","description":"The user password for HyperV API operations.","description_kind":"plain","required":true},"port":{"type":"number","description":"The HyperV server port for HyperV API operations.","description_kind":"plain","optional":true},"script_path":{"type":"string","description":"The script path on host for HyperV API operations.","description_kind":"plain","optional":true},"timeout":{"type":"string","description":"Timeout for HyperV API operations.","description_kind":"plain","optional":true},"tls_server_name":{"type":"string","description":"Should TLS server name be used for HyperV API operations.","description_kind":"plain","optional":true},"use_ntlm":{"type":"bool","description":"Should NTLM be used for HyperV API authentication.","description_kind":"plain","optional":true},"user":{"type":"string","description":"The user name for HyperV API operations.","description_kind":"plain","optional":true}},"description_kind":"plain"}},"resource_schemas":{"hyperv_machine_instance":{"version":0,"block":{"attributes":{"automatic_critical_error_action":{"type":"string","description_kind":"plain","optional":true},"automatic_critical_error_action_timeout":{"type":"number","description_kind":"plain","optional":true},"automatic_start_action":{"type":"string","description_kind":"plain","optional":true},"automatic_start_delay":{"type":"number","description_kind":"plain","optional":true},"automatic_stop_action":{"type":"string","description_kind":"plain","optional":true},"checkpoint_type":{"type":"string","description_kind":"plain","optional":true},"dynamic_memory":{"type":"bool","description_kind":"plain","optional":true},"generation":{"type":"number","description_kind":"plain","optional":true},"guest_controlled_cache_types":{"type":"bool","description_kind":"plain","optional":true},"high_memory_mapped_io_space":{"type":"number","description_kind":"plain","optional":true},"id":{"type":"string","description_kind":"plain","optional":true,"computed":true},"integration_services":{"type":["map","bool"],"description_kind":"plain","optional":true},"lock_on_disconnect":{"type":"string","description_kind":"plain","optional":true},"low_memory_mapped_io_space":{"type":"number","description_kind":"plain","optional":true},"memory_maximum_bytes":{"type":"number","description_kind":"plain","optional":true},"memory_minimum_bytes":{"type":"number","description_kind":"plain","optional":true},"memory_startup_bytes":{"type":"number","description_kind":"plain","optional":true},"name":{"type":"string","description_kind":"plain","required":true},"notes":{"type":"string","description_kind":"plain","optional":true},"processor_count":{"type":"number","description_kind":"plain","optional":true},"smart_paging_file_path":{"type":"string","description_kind":"plain","optional":true},"snapshot_file_location":{"type":"string","description_kind":"plain","optional":true},"state":{"type":"string","description_kind":"plain","optional":true},"static_memory":{"type":"bool","description_kind":"plain","optional":true},"wait_for_ips_poll_period":{"type":"number","description_kind":"plain","optional":true},"wait_for_ips_timeout":{"type":"number","description_kind":"plain","optional":true},"wait_for_state_poll_period":{"type":"number","description_kind":"plain","optional":true},"wait_for_state_timeout":{"type":"number","description_kind":"plain","optional":true}},"block_types":{"dvd_drives":{"nesting_mode":"list","block":{"attributes":{"controller_location":{"type":"number","description_kind":"plain","required":true},"controller_number":{"type":"number","description_kind":"plain","required":true},"path":{"type":"string","description_kind":"plain","optional":true},"resource_pool_name":{"type":"string","description_kind":"plain","optional":true}},"description_kind":"plain"}},"hard_disk_drives":{"nesting_mode":"list","block":{"attributes":{"controller_location":{"type":"number","description_kind":"plain","required":true},"controller_number":{"type":"number","description_kind":"plain","required":true},"controller_type":{"type":"string","description_kind":"plain","optional":true},"disk_number":{"type":"number","description_kind":"plain","optional":true},"maximum_iops":{"type":"number","description_kind":"plain","optional":true},"minimum_iops":{"type":"number","description_kind":"plain","optional":true},"override_cache_attributes":{"type":"string","description_kind":"plain","optional":true},"path":{"type":"string","description_kind":"plain","optional":true},"qos_policy_id":{"type":"string","description_kind":"plain","optional":true},"resource_pool_name":{"type":"string","description_kind":"plain","optional":true},"support_persistent_reservations":{"type":"bool","description_kind":"plain","optional":true}},"description_kind":"plain"}},"network_adaptors":{"nesting_mode":"list","block":{"attributes":{"allow_teaming":{"type":"string","description_kind":"plain","optional":true},"device_naming":{"type":"string","description_kind":"plain","optional":true},"dhcp_guard":{"type":"string","description_kind":"plain","optional":true},"dynamic_ip_address_limit":{"type":"number","description_kind":"plain","optional":true},"dynamic_mac_address":{"type":"bool","description_kind":"plain","optional":true},"fix_speed_10g":{"type":"string","description_kind":"plain","optional":true},"ieee_priority_tag":{"type":"string","description_kind":"plain","optional":true},"iov_interrupt_moderation":{"type":"string","description_kind":"plain","optional":true},"iov_queue_pairs_requested":{"type":"number","description_kind":"plain","optional":true},"iov_weight":{"type":"number","description_kind":"plain","optional":true},"ip_addresses":{"type":["list","string"],"description":"The current list of IP addresses on this virtual machine.","description_kind":"plain","computed":true},"ipsec_offload_maximum_security_association":{"type":"number","description_kind":"plain","optional":true},"is_legacy":{"type":"bool","description_kind":"plain","optional":true},"mac_address_spoofing":{"type":"string","description_kind":"plain","optional":true},"management_os":{"type":"bool","description_kind":"plain","optional":true},"mandatory_feature_id":{"type":["set","string"],"description_kind":"plain","optional":true},"maximum_bandwidth":{"type":"number","description_kind":"plain","optional":true},"minimum_bandwidth_absolute":{"type":"number","description_kind":"plain","optional":true},"minimum_bandwidth_weight":{"type":"number","description_kind":"plain","optional":true},"name":{"type":"string","description_kind":"plain","required":true},"not_monitored_in_cluster":{"type":"bool","description_kind":"plain","optional":true},"packet_direct_moderation_count":{"type":"number","description_kind":"plain","optional":true},"packet_direct_moderation_interval":{"type":"number","description_kind":"plain","optional":true},"packet_direct_num_procs":{"type":"number","description_kind":"plain","optional":true},"port_mirroring":{"type":"string","description_kind":"plain","optional":true},"resource_pool_name":{"type":"string","description_kind":"plain","optional":true},"router_guard":{"type":"string","description_kind":"plain","optional":true},"static_mac_address":{"type":"string","description_kind":"plain","optional":true},"storm_limit":{"type":"number","description_kind":"plain","optional":true},"switch_name":{"type":"string","description_kind":"plain","optional":true},"test_replica_pool_name":{"type":"string","description_kind":"plain","optional":true},"test_replica_switch_name":{"type":"string","description_kind":"plain","optional":true},"virtual_subnet_id":{"type":"number","description_kind":"plain","optional":true},"vlan_access":{"type":"bool","description_kind":"plain","optional":true},"vlan_id":{"type":"number","description_kind":"plain","optional":true},"vmmq_enabled":{"type":"bool","description_kind":"plain","optional":true},"vmmq_queue_pairs":{"type":"number","description_kind":"plain","optional":true},"vmq_weight":{"type":"number","description_kind":"plain","optional":true},"vrss_enabled":{"type":"bool","description_kind":"plain","optional":true},"wait_for_ips":{"type":"bool","description_kind":"plain","optional":true}},"description_kind":"plain"}},"vm_firmware":{"nesting_mode":"list","block":{"attributes":{"console_mode":{"type":"string","description_kind":"plain","optional":true},"enable_secure_boot":{"type":"string","description_kind":"plain","optional":true},"pause_after_boot_failure":{"type":"string","description_kind":"plain","optional":true},"preferred_network_boot_protocol":{"type":"string","description_kind":"plain","optional":true},"secure_boot_template":{"type":"string","description_kind":"plain","optional":true}},"description_kind":"plain"},"max_items":1},"vm_processor":{"nesting_mode":"list","block":{"attributes":{"compatibility_for_migration_enabled":{"type":"bool","description_kind":"plain","optional":true},"compatibility_for_older_operating_systems_enabled":{"type":"bool","description_kind":"plain","optional":true},"enable_host_resource_protection":{"type":"bool","description_kind":"plain","optional":true},"expose_virtualization_extensions":{"type":"bool","description_kind":"plain","optional":true},"hw_thread_count_per_core":{"type":"number","description_kind":"plain","optional":true},"maximum":{"type":"number","description_kind":"plain","optional":true},"maximum_count_per_numa_node":{"type":"number","description_kind":"plain","optional":true},"maximum_count_per_numa_socket":{"type":"number","description_kind":"plain","optional":true},"relative_weight":{"type":"number","description_kind":"plain","optional":true},"reserve":{"type":"number","description_kind":"plain","optional":true}},"description_kind":"plain"},"max_items":1}},"description_kind":"plain"}},"hyperv_network_switch":{"version":0,"block":{"attributes":{"allow_management_os":{"type":"bool","description_kind":"plain","optional":true},"default_flow_minimum_bandwidth_absolute":{"type":"number","description_kind":"plain","optional":true},"default_flow_minimum_bandwidth_weight":{"type":"number","description_kind":"plain","optional":true},"default_queue_vmmq_enabled":{"type":"bool","description_kind":"plain","optional":true},"default_queue_vmmq_queue_pairs":{"type":"number","description_kind":"plain","optional":true},"default_queue_vrss_enabled":{"type":"bool","description_kind":"plain","optional":true},"enable_embedded_teaming":{"type":"bool","description_kind":"plain","optional":true},"enable_iov":{"type":"bool","description_kind":"plain","optional":true},"enable_packet_direct":{"type":"bool","description_kind":"plain","optional":true},"id":{"type":"string","description_kind":"plain","optional":true,"computed":true},"minimum_bandwidth_mode":{"type":"string","description_kind":"plain","optional":true},"name":{"type":"string","description_kind":"plain","required":true},"net_adapter_names":{"type":["list","string"],"description_kind":"plain","optional":true},"notes":{"type":"string","description_kind":"plain","optional":true},"switch_type":{"type":"string","description_kind":"plain","optional":true}},"description_kind":"plain"}},"hyperv_vhd":{"version":0,"block":{"attributes":{"block_size":{"type":"number","description_kind":"plain","optional":true},"exists":{"type":"bool","description_kind":"plain","computed":true},"id":{"type":"string","description_kind":"plain","optional":true,"computed":true},"logical_sector_size":{"type":"number","description_kind":"plain","optional":true},"parent_path":{"type":"string","description_kind":"plain","optional":true},"path":{"type":"string","description_kind":"plain","required":true},"physical_sector_size":{"type":"number","description_kind":"plain","optional":true},"size":{"type":"number","description_kind":"plain","optional":true},"source":{"type":"string","description_kind":"plain","optional":true},"source_disk":{"type":"number","description_kind":"plain","optional":true},"source_vm":{"type":"string","description_kind":"plain","optional":true},"vhd_type":{"type":"string","description_kind":"plain","optional":true}},"description_kind":"plain"}}},"data_source_schemas":{"hyperv_machine_instance":{"version":0,"block":{"attributes":{"automatic_critical_error_action":{"type":"string","description_kind":"plain","optional":true},"automatic_critical_error_action_timeout":{"type":"number","description_kind":"plain","optional":true},"automatic_start_action":{"type":"string","description_kind":"plain","optional":true},"automatic_start_delay":{"type":"number","description_kind":"plain","optional":true},"automatic_stop_action":{"type":"string","description_kind":"plain","optional":true},"checkpoint_type":{"type":"string","description_kind":"plain","optional":true},"dynamic_memory":{"type":"bool","description_kind":"plain","optional":true},"generation":{"type":"number","description_kind":"plain","optional":true},"guest_controlled_cache_types":{"type":"bool","description_kind":"plain","optional":true},"high_memory_mapped_io_space":{"type":"number","description_kind":"plain","optional":true},"id":{"type":"string","description_kind":"plain","optional":true,"computed":true},"integration_services":{"type":["map","bool"],"description_kind":"plain","optional":true},"lock_on_disconnect":{"type":"string","description_kind":"plain","optional":true},"low_memory_mapped_io_space":{"type":"number","description_kind":"plain","optional":true},"memory_maximum_bytes":{"type":"number","description_kind":"plain","optional":true},"memory_minimum_bytes":{"type":"number","description_kind":"plain","optional":true},"memory_startup_bytes":{"type":"number","description_kind":"plain","optional":true},"name":{"type":"string","description_kind":"plain","required":true},"notes":{"type":"string","description_kind":"plain","optional":true},"processor_count":{"type":"number","description_kind":"plain","optional":true},"smart_paging_file_path":{"type":"string","description_kind":"plain","optional":true},"snapshot_file_location":{"type":"string","description_kind":"plain","optional":true},"state":{"type":"string","description_kind":"plain","optional":true},"static_memory":{"type":"bool","description_kind":"plain","optional":true},"wait_for_ips_poll_period":{"type":"number","description_kind":"plain","optional":true},"wait_for_ips_timeout":{"type":"number","description_kind":"plain","optional":true},"wait_for_state_poll_period":{"type":"number","description_kind":"plain","optional":true},"wait_for_state_timeout":{"type":"number","description_kind":"plain","optional":true}},"block_types":{"dvd_drives":{"nesting_mode":"list","block":{"attributes":{"controller_location":{"type":"number","description_kind":"plain","required":true},"controller_number":{"type":"number","description_kind":"plain","required":true},"path":{"type":"string","description_kind":"plain","optional":true},"resource_pool_name":{"type":"string","description_kind":"plain","optional":true}},"description_kind":"plain"}},"hard_disk_drives":{"nesting_mode":"list","block":{"attributes":{"controller_location":{"type":"number","description_kind":"plain","required":true},"controller_number":{"type":"number","description_kind":"plain","required":true},"controller_type":{"type":"string","description_kind":"plain","optional":true},"disk_number":{"type":"number","description_kind":"plain","optional":true},"maximum_iops":{"type":"number","description_kind":"plain","optional":true},"minimum_iops":{"type":"number","description_kind":"plain","optional":true},"override_cache_attributes":{"type":"string","description_kind":"plain","optional":true},"path":{"type":"string","description_kind":"plain","optional":true},"qos_policy_id":{"type":"string","description_kind":"plain","optional":true},"resource_pool_name":{"type":"string","description_kind":"plain","optional":true},"support_persistent_reservations":{"type":"bool","description_kind":"plain","optional":true}},"description_kind":"plain"}},"network_adaptors":{"nesting_mode":"list","block":{"attributes":{"allow_teaming":{"type":"string","description_kind":"plain","optional":true},"device_naming":{"type":"string","description_kind":"plain","optional":true},"dhcp_guard":{"type":"string","description_kind":"plain","optional":true},"dynamic_ip_address_limit":{"type":"number","description_kind":"plain","optional":true},"dynamic_mac_address":{"type":"bool","description_kind":"plain","optional":true},"fix_speed_10g":{"type":"string","description_kind":"plain","optional":true},"ieee_priority_tag":{"type":"string","description_kind":"plain","optional":true},"iov_interrupt_moderation":{"type":"string","description_kind":"plain","optional":true},"iov_queue_pairs_requested":{"type":"number","description_kind":"plain","optional":true},"iov_weight":{"type":"number","description_kind":"plain","optional":true},"ip_addresses":{"type":["list","string"],"description":"The current list of IP addresses on this virtual machine.","description_kind":"plain","computed":true},"ipsec_offload_maximum_security_association":{"type":"number","description_kind":"plain","optional":true},"is_legacy":{"type":"bool","description_kind":"plain","optional":true},"mac_address_spoofing":{"type":"string","description_kind":"plain","optional":true},"management_os":{"type":"bool","description_kind":"plain","optional":true},"mandatory_feature_id":{"type":["set","string"],"description_kind":"plain","optional":true},"maximum_bandwidth":{"type":"number","description_kind":"plain","optional":true},"minimum_bandwidth_absolute":{"type":"number","description_kind":"plain","optional":true},"minimum_bandwidth_weight":{"type":"number","description_kind":"plain","optional":true},"name":{"type":"string","description_kind":"plain","required":true},"not_monitored_in_cluster":{"type":"bool","description_kind":"plain","optional":true},"packet_direct_moderation_count":{"type":"number","description_kind":"plain","optional":true},"packet_direct_moderation_interval":{"type":"number","description_kind":"plain","optional":true},"packet_direct_num_procs":{"type":"number","description_kind":"plain","optional":true},"port_mirroring":{"type":"string","description_kind":"plain","optional":true},"resource_pool_name":{"type":"string","description_kind":"plain","optional":true},"router_guard":{"type":"string","description_kind":"plain","optional":true},"static_mac_address":{"type":"string","description_kind":"plain","optional":true},"storm_limit":{"type":"number","description_kind":"plain","optional":true},"switch_name":{"type":"string","description_kind":"plain","optional":true},"test_replica_pool_name":{"type":"string","description_kind":"plain","optional":true},"test_replica_switch_name":{"type":"string","description_kind":"plain","optional":true},"virtual_subnet_id":{"type":"number","description_kind":"plain","optional":true},"vlan_access":{"type":"bool","description_kind":"plain","optional":true},"vlan_id":{"type":"number","description_kind":"plain","optional":true},"vmmq_enabled":{"type":"bool","description_kind":"plain","optional":true},"vmmq_queue_pairs":{"type":"number","description_kind":"plain","optional":true},"vmq_weight":{"type":"number","description_kind":"plain","optional":true},"vrss_enabled":{"type":"bool","description_kind":"plain","optional":true},"wait_for_ips":{"type":"bool","description_kind":"plain","optional":true}},"description_kind":"plain"}},"vm_firmware":{"nesting_mode":"list","block":{"attributes":{"console_mode":{"type":"string","description_kind":"plain","optional":true},"enable_secure_boot":{"type":"string","description_kind":"plain","optional":true},"pause_after_boot_failure":{"type":"string","description_kind":"plain","optional":true},"preferred_network_boot_protocol":{"type":"string","description_kind":"plain","optional":true},"secure_boot_template":{"type":"string","description_kind":"plain","optional":true}},"description_kind":"plain"},"max_items":1},"vm_processor":{"nesting_mode":"list","block":{"attributes":{"compatibility_for_migration_enabled":{"type":"bool","description_kind":"plain","optional":true},"compatibility_for_older_operating_systems_enabled":{"type":"bool","description_kind":"plain","optional":true},"enable_host_resource_protection":{"type":"bool","description_kind":"plain","optional":true},"expose_virtualization_extensions":{"type":"bool","description_kind":"plain","optional":true},"hw_thread_count_per_core":{"type":"number","description_kind":"plain","optional":true},"maximum":{"type":"number","description_kind":"plain","optional":true},"maximum_count_per_numa_node":{"type":"number","description_kind":"plain","optional":true},"maximum_count_per_numa_socket":{"type":"number","description_kind":"plain","optional":true},"relative_weight":{"type":"number","description_kind":"plain","optional":true},"reserve":{"type":"number","description_kind":"plain","optional":true}},"description_kind":"plain"},"max_items":1}},"description_kind":"plain"}},"hyperv_network_switch":{"version":0,"block":{"attributes":{"allow_management_os":{"type":"bool","description_kind":"plain","optional":true},"default_flow_minimum_bandwidth_absolute":{"type":"number","description_kind":"plain","optional":true},"default_flow_minimum_bandwidth_weight":{"type":"number","description_kind":"plain","optional":true},"default_queue_vmmq_enabled":{"type":"bool","description_kind":"plain","optional":true},"default_queue_vmmq_queue_pairs":{"type":"number","description_kind":"plain","optional":true},"default_queue_vrss_enabled":{"type":"bool","description_kind":"plain","optional":true},"enable_embedded_teaming":{"type":"bool","description_kind":"plain","optional":true},"enable_iov":{"type":"bool","description_kind":"plain","optional":true},"enable_packet_direct":{"type":"bool","description_kind":"plain","optional":true},"id":{"type":"string","description_kind":"plain","optional":true,"computed":true},"minimum_bandwidth_mode":{"type":"string","description_kind":"plain","optional":true},"name":{"type":"string","description_kind":"plain","required":true},"net_adapter_names":{"type":["list","string"],"description_kind":"plain","optional":true},"notes":{"type":"string","description_kind":"plain","optional":true},"switch_type":{"type":"string","description_kind":"plain","optional":true}},"description_kind":"plain"}},"hyperv_vhd":{"version":0,"block":{"attributes":{"block_size":{"type":"number","description_kind":"plain","optional":true},"exists":{"type":"bool","description_kind":"plain","computed":true},"id":{"type":"string","description_kind":"plain","optional":true,"computed":true},"logical_sector_size":{"type":"number","description_kind":"plain","optional":true},"parent_path":{"type":"string","description_kind":"plain","optional":true},"path":{"type":"string","description_kind":"plain","required":true},"physical_sector_size":{"type":"number","description_kind":"plain","optional":true},"size":{"type":"number","description_kind":"plain","optional":true},"source":{"type":"string","description_kind":"plain","optional":true},"source_disk":{"type":"number","description_kind":"plain","optional":true},"source_vm":{"type":"string","description_kind":"plain","optional":true},"vhd_type":{"type":"string","description_kind":"plain","optional":true}},"description_kind":"plain"}}}}}}
