{"format_version":"0.2","provider_schemas":{"registry.terraform.io/tanzuformers/tmc":{"provider":{"version":0,"block":{"attributes":{"api_token":{"type":"string","description":"API_TOKEN generated by the VMware Cloud Services Console. If not set,\ndefaults to the environment variable TMC_API_TOKEN","description_kind":"plain","optional":true,"sensitive":true},"org_url":{"type":"string","description":"VMware Cloud Console Service URL unique to your organization. If not set,\ndefaults to the environment variable TMC_ORG_URL","description_kind":"plain","optional":true}},"description_kind":"plain"}},"resource_schemas":{"tmc_cluster":{"version":0,"block":{"attributes":{"cluster_group_name":{"type":"string","description":"Name of the cluster group","description_kind":"plain","optional":true},"description":{"type":"string","description":"Description of the Cluster","description_kind":"plain","optional":true},"id":{"type":"string","description":"Unique ID of the Cluster","description_kind":"plain","computed":true},"installer_link":{"type":"string","description":"The link to install the agent","description_kind":"plain","computed":true},"labels":{"type":["map","string"],"description_kind":"plain","optional":true},"management_cluster":{"type":"string","description":"Name of the management cluster used","description_kind":"plain","required":true},"name":{"type":"string","description":"Name of the Cluster","description_kind":"plain","required":true},"provisioner_name":{"type":"string","description":"Name of the provisioner","description_kind":"plain","required":true}},"block_types":{"tkg_aws":{"nesting_mode":"list","block":{"attributes":{"availability_zones":{"type":["list","string"],"description":"Availability zones of the control plane node","description_kind":"plain","optional":true},"credential_name":{"type":"string","description":"Kubernetes version of the AWS Cluster","description_kind":"plain","optional":true},"instance_type":{"type":"string","description":"Instance type used to deploy the control plane node","description_kind":"plain","optional":true},"region":{"type":"string","description":"Region of the AWS Cluster","description_kind":"plain","optional":true},"ssh_key":{"type":"string","description":"Name of the SSH Keypair used in the AWS Cluster","description_kind":"plain","optional":true},"version":{"type":"string","description":"Provisioner credential used to create the cluster","description_kind":"plain","optional":true},"vpc_cidrblock":{"type":"string","description":"CIDR block used by the Cluster's VPC","description_kind":"plain","optional":true}},"description":"Details of Cluster hosted on AWS","description_kind":"plain"}}},"description_kind":"plain"}},"tmc_cluster_group":{"version":0,"block":{"attributes":{"description":{"type":"string","description":"Optional Description for the Tanzu Cluster Group","description_kind":"plain","optional":true},"id":{"type":"string","description":"Unique ID of the Tanzu Cluster Group","description_kind":"plain","computed":true},"labels":{"type":["map","string"],"description_kind":"plain","optional":true},"name":{"type":"string","description":"Unique Name of the Tanzu Cluster Group in your Org","description_kind":"plain","required":true}},"description_kind":"plain"}},"tmc_workspace":{"version":0,"block":{"attributes":{"description":{"type":"string","description":"Description of the Tanzu Workspace","description_kind":"plain","optional":true},"id":{"type":"string","description":"Unique ID of the Tanzu Workspace","description_kind":"plain","computed":true},"labels":{"type":["map","string"],"description_kind":"plain","optional":true},"last_updated":{"type":"string","description_kind":"plain","optional":true,"computed":true},"name":{"type":"string","description":"Name of the Tanzu Workspace","description_kind":"plain","required":true}},"description_kind":"plain"}}},"data_source_schemas":{"tmc_cluster":{"version":0,"block":{"attributes":{"cluster_group_name":{"type":"string","description":"Name of the cluster group","description_kind":"plain","computed":true},"description":{"type":"string","description":"Description of the Cluster","description_kind":"plain","computed":true},"id":{"type":"string","description":"Unique ID of the Cluster","description_kind":"plain","computed":true},"installer_link":{"type":"string","description_kind":"plain","optional":true,"computed":true},"labels":{"type":["map","string"],"description_kind":"plain","optional":true,"computed":true},"management_cluster":{"type":"string","description":"Name of the management cluster used","description_kind":"plain","required":true},"name":{"type":"string","description":"Name of the Cluster","description_kind":"plain","required":true},"provisioner_name":{"type":"string","description":"Name of the provisioner","description_kind":"plain","required":true},"tkg_aws":{"type":["list",["object",{"availability_zones":["list","string"],"credential_name":"string","instance_type":"string","region":"string","ssh_key":"string","version":"string","vpc_cidrblock":"string"}]],"description":"Details of Cluster hosted on AWS","description_kind":"plain","computed":true}},"description_kind":"plain"}},"tmc_cluster_group":{"version":0,"block":{"attributes":{"description":{"type":"string","description":"Description of the Cluster Group","description_kind":"plain","computed":true},"id":{"type":"string","description":"Unique ID of the Cluster Group","description_kind":"plain","computed":true},"labels":{"type":["map","string"],"description_kind":"plain","optional":true,"computed":true},"name":{"type":"string","description":"Name of the Cluster Group","description_kind":"plain","required":true}},"description_kind":"plain"}},"tmc_cluster_groups":{"version":0,"block":{"attributes":{"id":{"type":"string","description_kind":"plain","optional":true,"computed":true},"ids":{"type":["list","string"],"description":"UID of the All Tanzu ClusterGroups","description_kind":"plain","computed":true},"labels":{"type":["map","string"],"description_kind":"plain","optional":true},"names":{"type":["list","string"],"description":"Names of the All Tanzu ClusterGroups","description_kind":"plain","computed":true}},"description_kind":"plain"}},"tmc_provisioner":{"version":0,"block":{"attributes":{"id":{"type":"string","description":"Unique ID of the Tanzu Provisioner","description_kind":"plain","computed":true},"labels":{"type":["map","string"],"description_kind":"plain","optional":true,"computed":true},"management_cluster_name":{"type":"string","description":"Name of the Management Cluster which contains the Tanzu Provisioner","description_kind":"plain","required":true},"name":{"type":"string","description":"Name of the Tanzu Provisioner","description_kind":"plain","required":true}},"description_kind":"plain"}},"tmc_provisioners":{"version":0,"block":{"attributes":{"id":{"type":"string","description_kind":"plain","optional":true,"computed":true},"ids":{"type":["list","string"],"description":"UID of the All Tanzu Provisioners under a Management Cluster","description_kind":"plain","computed":true},"labels":{"type":["map","string"],"description_kind":"plain","optional":true},"management_cluster_name":{"type":["list","string"],"description":"Management Cluster Name of the Tanzu Provisioners","description_kind":"plain","required":true},"names":{"type":["list","string"],"description":"Names of the All Tanzu Provisioners under a Management Cluster","description_kind":"plain","computed":true}},"description_kind":"plain"}},"tmc_workspace":{"version":0,"block":{"attributes":{"description":{"type":"string","description":"Description of the Tanzu Workspace","description_kind":"plain","computed":true},"id":{"type":"string","description":"Unique ID of the Tanzu Workspace","description_kind":"plain","computed":true},"labels":{"type":["map","string"],"description_kind":"plain","optional":true,"computed":true},"name":{"type":"string","description":"Name of the Tanzu Workspace","description_kind":"plain","required":true}},"description_kind":"plain"}},"tmc_workspaces":{"version":0,"block":{"attributes":{"id":{"type":"string","description_kind":"plain","optional":true,"computed":true},"ids":{"type":["list","string"],"description":"UID of the All Tanzu Workspaces","description_kind":"plain","computed":true},"labels":{"type":["map","string"],"description_kind":"plain","optional":true},"names":{"type":["list","string"],"description":"Names of the All Tanzu Workspaces","description_kind":"plain","computed":true}},"description_kind":"plain"}}}}}}
