{"format_version":"0.2","provider_schemas":{"registry.terraform.io/tapendrakmr/mongodb":{"provider":{"version":0,"block":{"attributes":{"mongodb_orgid":{"type":"string","description_kind":"plain","optional":true},"mongodb_private_key":{"type":"string","description_kind":"plain","optional":true},"mongodb_public_key":{"type":"string","description_kind":"plain","optional":true}},"description_kind":"plain"}},"resource_schemas":{"mongodb_user":{"version":0,"block":{"attributes":{"country":{"type":"string","description_kind":"plain","optional":true,"computed":true},"email_address":{"type":"string","description_kind":"plain","optional":true,"computed":true},"first_name":{"type":"string","description_kind":"plain","optional":true,"computed":true},"id":{"type":"string","description_kind":"plain","optional":true,"computed":true},"invitationid":{"type":"string","description_kind":"plain","optional":true,"computed":true},"inviterusername":{"type":"string","description_kind":"plain","optional":true,"computed":true},"last_name":{"type":"string","description_kind":"plain","optional":true,"computed":true},"orgname":{"type":"string","description_kind":"plain","optional":true,"computed":true},"roles":{"type":["set","string"],"description_kind":"plain","optional":true},"userid":{"type":"string","description_kind":"plain","optional":true,"computed":true},"username":{"type":"string","description_kind":"plain","required":true}},"description_kind":"plain"}}},"data_source_schemas":{"mongodb_user":{"version":0,"block":{"attributes":{"country":{"type":"string","description_kind":"plain","computed":true},"emailaddress":{"type":"string","description_kind":"plain","computed":true},"firstname":{"type":"string","description_kind":"plain","computed":true},"id":{"type":"string","description_kind":"plain","required":true},"lastname":{"type":"string","description_kind":"plain","computed":true},"roles":{"type":["set","string"],"description_kind":"plain","optional":true},"username":{"type":"string","description_kind":"plain","computed":true}},"description_kind":"plain"}}}}}}
