{"format_version":"0.2","provider_schemas":{"registry.terraform.io/tatsuo48/sendgrid":{"provider":{"version":0,"block":{"attributes":{"api_key":{"type":"string","description_kind":"plain","required":true,"sensitive":true}},"description_kind":"plain"}},"resource_schemas":{"sendgrid_whitelist_ip":{"version":0,"block":{"attributes":{"created_at":{"type":"number","description_kind":"plain","computed":true},"id":{"type":"string","description_kind":"plain","optional":true,"computed":true},"ip":{"type":"string","description_kind":"plain","required":true},"last_updated":{"type":"string","description_kind":"plain","optional":true,"computed":true},"rule_id":{"type":"number","description_kind":"plain","computed":true},"updated_at":{"type":"number","description_kind":"plain","computed":true}},"description_kind":"plain"}}},"data_source_schemas":{"sendgrid_whitelist_ip":{"version":0,"block":{"attributes":{"created_at":{"type":"number","description_kind":"plain","computed":true},"id":{"type":"string","description_kind":"plain","optional":true,"computed":true},"ip":{"type":"string","description_kind":"plain","computed":true},"rule_id":{"type":"number","description_kind":"plain","required":true},"updated_at":{"type":"number","description_kind":"plain","computed":true}},"description_kind":"plain"}}}}}}
