{"format_version":"0.2","provider_schemas":{"registry.terraform.io/tawr1024/netbox":{"provider":{"version":0,"block":{"attributes":{"token":{"type":"string","description_kind":"plain","required":true},"url":{"type":"string","description_kind":"plain","required":true}},"description_kind":"plain"}},"resource_schemas":{"netbox_cable":{"version":0,"block":{"attributes":{"device_a_name":{"type":"string","description":"Interface A name","description_kind":"plain","required":true},"device_b_name":{"type":"string","description":"Device name","description_kind":"plain","required":true},"id":{"type":"string","description_kind":"plain","optional":true,"computed":true},"interface_a_name":{"type":"string","description":"Interface A name","description_kind":"plain","required":true},"interface_b_name":{"type":"string","description":"Device name","description_kind":"plain","required":true}},"description_kind":"plain"}},"netbox_device":{"version":0,"block":{"attributes":{"face":{"type":"number","description":"front or rear","description_kind":"plain","optional":true},"id":{"type":"string","description_kind":"plain","optional":true,"computed":true},"name":{"type":"string","description":"Device name","description_kind":"plain","required":true},"position":{"type":"number","description":"device position in rack","description_kind":"plain","optional":true},"rack":{"type":"string","description":"rack name","description_kind":"plain","optional":true},"role":{"type":"string","description":"device role","description_kind":"plain","required":true},"serial":{"type":"string","description":"device serial number","description_kind":"plain","optional":true},"site":{"type":"string","description":"netbox site","description_kind":"plain","required":true},"status":{"type":"string","description":"device status","description_kind":"plain","optional":true},"tenant":{"type":"string","description":"netbox tenant","description_kind":"plain","required":true},"type":{"type":"string","description":"device type","description_kind":"plain","required":true}},"description_kind":"plain"}},"netbox_interface":{"version":0,"block":{"attributes":{"description":{"type":"string","description_kind":"plain","optional":true},"device":{"type":"number","description_kind":"plain","required":true},"enabled":{"type":"string","description_kind":"plain","optional":true},"form_factor":{"type":"string","description_kind":"plain","optional":true},"id":{"type":"string","description_kind":"plain","optional":true,"computed":true},"lag":{"type":"string","description_kind":"plain","optional":true},"mgmt_only":{"type":"string","description_kind":"plain","optional":true},"mode":{"type":"number","description_kind":"plain","optional":true},"mtu":{"type":"string","description_kind":"plain","optional":true},"name":{"type":"string","description_kind":"plain","required":true},"type":{"type":"number","description_kind":"plain","optional":true}},"description_kind":"plain"}},"netbox_prefix":{"version":0,"block":{"attributes":{"id":{"type":"string","description_kind":"plain","optional":true,"computed":true},"prefix":{"type":"string","description":"Prefix with netmask","description_kind":"plain","required":true},"site":{"type":"string","description":"netbox site","description_kind":"plain","optional":true},"tenant":{"type":"string","description":"netbox tenant","description_kind":"plain","optional":true},"vrf":{"type":"string","description":"vrf","description_kind":"plain","optional":true}},"description_kind":"plain"}},"netbox_rack":{"version":0,"block":{"attributes":{"desc_units":{"type":"bool","description":"Descending units","description_kind":"plain","required":true},"facility":{"type":"string","description":"Data-center name","description_kind":"plain","required":true},"height":{"type":"number","description":"Rack height in units","description_kind":"plain","required":true},"id":{"type":"string","description_kind":"plain","optional":true,"computed":true},"name":{"type":"string","description_kind":"plain","required":true},"site":{"type":"string","description_kind":"plain","required":true},"tenant":{"type":"string","description_kind":"plain","required":true},"width":{"type":"number","description":"Rack width in inches","description_kind":"plain","required":true}},"description_kind":"plain"}},"netbox_virtual_machine":{"version":0,"block":{"attributes":{"cluster":{"type":"string","description_kind":"plain","required":true},"comment":{"type":"string","description_kind":"plain","optional":true},"cores":{"type":"number","description_kind":"plain","optional":true},"disk":{"type":"number","description_kind":"plain","optional":true},"id":{"type":"string","description_kind":"plain","optional":true,"computed":true},"name":{"type":"string","description_kind":"plain","required":true},"ram":{"type":"number","description_kind":"plain","optional":true},"status":{"type":"number","description_kind":"plain","required":true},"tenant":{"type":"string","description_kind":"plain","required":true}},"description_kind":"plain"}},"netbox_vrf":{"version":0,"block":{"attributes":{"id":{"type":"string","description_kind":"plain","optional":true,"computed":true},"name":{"type":"string","description":"VRF name","description_kind":"plain","required":true},"tenant":{"type":"string","description":"tenant  name","description_kind":"plain","required":true}},"description_kind":"plain"}}}}}}
