{"format_version":"0.2","provider_schemas":{"registry.terraform.io/tchupp/env":{"provider":{"version":0,"block":{"description_kind":"plain"}},"resource_schemas":{"env_variable":{"version":0,"block":{"attributes":{"id":{"type":"string","description_kind":"plain","optional":true,"computed":true},"name":{"type":"string","description":"Name of the environment variable. ex. 'HOME' or 'API_KEY'","description_kind":"plain","required":true},"value":{"type":"string","description":"Value of the environment variable.","description_kind":"plain","computed":true,"sensitive":true}},"description_kind":"plain"}}},"data_source_schemas":{"env_variable":{"version":0,"block":{"attributes":{"id":{"type":"string","description_kind":"plain","optional":true,"computed":true},"name":{"type":"string","description":"Name of the environment variable. ex. 'HOME' or 'API_KEY'","description_kind":"plain","required":true},"value":{"type":"string","description":"Value of the environment variable.","description_kind":"plain","computed":true,"sensitive":true}},"description_kind":"plain"}}}}}}
