{"format_version":"0.2","provider_schemas":{"registry.terraform.io/teamjourney/imgix":{"provider":{"version":0,"block":{"attributes":{"api_key":{"type":"string","description":"Imgix API key. Can also be sourced from IMGIX_API_KEY environment variable","description_kind":"plain","required":true}},"description_kind":"plain"}},"resource_schemas":{"imgix_source":{"version":0,"block":{"attributes":{"date_deployed":{"type":"number","description":"Unix timestamp of when this Source was deployed.","description_kind":"plain","computed":true},"deployment_status":{"type":"string","description":"Current deployment status. Possible values are deploying, deployed, disabled, and deleted.","description_kind":"plain","computed":true},"enabled":{"type":"bool","description":"Whether or not a Source is enabled and capable of serving traffic.","description_kind":"plain","optional":true},"id":{"type":"string","description":"Id of the source","description_kind":"plain","computed":true},"name":{"type":"string","description":"Source display name. Does not impact how images are served.","description_kind":"plain","required":true},"secure_url_token":{"type":"string","description":"Signing token used for securing images. Only present if deployment.secure_url_enabled is true.","description_kind":"plain","computed":true},"type":{"type":"string","description":"Type of the resource. This will be always sources.","description_kind":"plain","computed":true},"wait_for_deployed":{"type":"bool","description":"Determines if Terraform should wait for deployed status after any change.","description_kind":"plain","optional":true}},"block_types":{"deployment":{"nesting_mode":"list","block":{"attributes":{"allows_upload":{"type":"bool","description":"Whether imgix has the right permissions for this Source to upload to origin.","description_kind":"plain","computed":true},"annotation":{"type":"string","description":"Any comment on the specific deployment.","description_kind":"plain","optional":true},"cache_ttl_behavior":{"type":"string","description":"Policy to determine how the TTL on imgix images is set.","description_kind":"plain","optional":true},"cache_ttl_error":{"type":"number","description":"TTL (in seconds) for any error image served when unable to fetch a file from origin.","description_kind":"plain","optional":true},"cache_ttl_value":{"type":"number","description":"TTL (in seconds) for any error image served when unable to fetch a file from origin.","description_kind":"plain","optional":true},"crossdomain_xml_enabled":{"type":"bool","description":"Whether this Source should serve a Cross-Domain Policy file if requested.","description_kind":"plain","optional":true},"custom_domains":{"type":["list","string"],"description":"Non-imgix.net domains you want to use to access your images. Custom domains must be unique across all Sources and must be valid domains.","description_kind":"plain","optional":true},"default_params":{"type":["map","string"],"description":"Parameters that should be set on all requests to this Source.","description_kind":"plain","optional":true},"image_error":{"type":"string","description":"Image URL imgix should serve instead when a request results in an error.","description_kind":"plain","optional":true},"image_error_append_qs":{"type":"bool","description":"Whether imgix should pass the parameters on the request that received an error to the URL described in image_error.","description_kind":"plain","optional":true},"image_missing":{"type":"string","description":"Image URL imgix should serve instead when a request results in a missing image.","description_kind":"plain","optional":true},"image_missing_append_qs":{"type":"bool","description":"Whether imgix should pass the parameters on the request that resulted in a missing image to the URL described in image_missing.","description_kind":"plain","optional":true},"imgix_subdomains":{"type":["list","string"],"description":"Subdomain you want to use on *.imgix.net to access your images.","description_kind":"plain","required":true},"s3_access_key":{"type":"string","description":"AWS Access Key ID.","description_kind":"plain","optional":true},"s3_bucket":{"type":"string","description":"AWS S3 bucket name.","description_kind":"plain","optional":true},"s3_prefix":{"type":"string","description":"The folder prefix prepended to the image path before resolving the image in S3.","description_kind":"plain","optional":true},"s3_secret_key":{"type":"string","description":"AWS S3 Secret Access Key.","description_kind":"plain","optional":true,"sensitive":true},"secure_url_enabled":{"type":"bool","description":"Whether requests must be signed with the secure_url_token to be considered valid.","description_kind":"plain","optional":true},"type":{"type":"string","description":"Type of the deployment.","description_kind":"plain","required":true}},"description_kind":"plain"},"min_items":1,"max_items":1},"timeouts":{"nesting_mode":"single","block":{"attributes":{"create":{"type":"string","description_kind":"plain","optional":true},"update":{"type":"string","description_kind":"plain","optional":true}},"description_kind":"plain"}}},"description":"Allows managing Imgix sources","description_kind":"plain"}}},"data_source_schemas":{"imgix_source":{"version":0,"block":{"attributes":{"date_deployed":{"type":"number","description":"Unix timestamp of when this Source was deployed.","description_kind":"plain","computed":true},"deployment":{"type":["list",["object",{"allows_upload":"bool","annotation":"string","cache_ttl_behavior":"string","cache_ttl_error":"number","cache_ttl_value":"number","crossdomain_xml_enabled":"bool","custom_domains":["list","string"],"default_params":["map","string"],"image_error":"string","image_error_append_qs":"bool","image_missing":"string","image_missing_append_qs":"bool","imgix_subdomains":["list","string"],"s3_access_key":"string","s3_bucket":"string","s3_prefix":"string","secure_url_enabled":"bool","type":"string"}]],"description_kind":"plain","computed":true},"deployment_status":{"type":"string","description":"Current deployment status. Possible values are deploying, deployed, disabled, and deleted.","description_kind":"plain","computed":true},"id":{"type":"string","description":"Id of the source","description_kind":"plain","required":true},"name":{"type":"string","description":"Source display name. Does not impact how images are served.","description_kind":"plain","computed":true},"type":{"type":"string","description":"Type of the resource. This will be always sources.","description_kind":"plain","computed":true}},"description":"Allows getting Imgix source information","description_kind":"plain"}}}}}}
